{
    "version": 3,
    "terraform_version": "0.7.13",
    "serial": 20,
    "lineage": "89910950-68aa-40eb-b88d-26e6fc7ba520",
    "modules": [
        {
            "path": [
                "root"
            ],
            "outputs": {},
            "resources": {
                "aws_ebs_volume.upena_api_i1_v0": {
                    "type": "aws_ebs_volume",
                    "depends_on": [],
                    "primary": {
                        "id": "vol-0fc2b7cb480d0f536",
                        "attributes": {
                            "availability_zone": "eu-central-1a",
                            "encrypted": "true",
                            "id": "vol-0fc2b7cb480d0f536",
                            "size": "500",
                            "snapshot_id": "",
                            "tags.%": "7",
                            "tags.Account_name": "jive-reco-prod",
                            "tags.Jive_service": "upena",
                            "tags.Name": "prod-eu-upena-api-i1-v0",
                            "tags.Pipeline_phase": "prod",
                            "tags.Region": "eu-central-1",
                            "tags.SLA": "prod",
                            "tags.Service_component": "upena-api",
                            "type": "st1"
                        },
                        "meta": {},
                        "tainted": false
                    },
                    "deposed": [],
                    "provider": ""
                },
                "aws_ebs_volume.upena_api_i2_v0": {
                    "type": "aws_ebs_volume",
                    "depends_on": [],
                    "primary": {
                        "id": "vol-0c6951b63f2ca2b85",
                        "attributes": {
                            "availability_zone": "eu-central-1b",
                            "encrypted": "true",
                            "id": "vol-0c6951b63f2ca2b85",
                            "size": "500",
                            "snapshot_id": "",
                            "tags.%": "7",
                            "tags.Account_name": "jive-reco-prod",
                            "tags.Jive_service": "upena",
                            "tags.Name": "prod-eu-upena-api-i2-v0",
                            "tags.Pipeline_phase": "prod",
                            "tags.Region": "eu-central-1",
                            "tags.SLA": "prod",
                            "tags.Service_component": "upena-api",
                            "type": "st1"
                        },
                        "meta": {},
                        "tainted": false
                    },
                    "deposed": [],
                    "provider": ""
                },
                "aws_instance.upena_api_i1": {
                    "type": "aws_instance",
                    "depends_on": [
                        "aws_security_group.upena_api_sg"
                    ],
                    "primary": {
                        "id": "i-0638a0fc244faa23b",
                        "attributes": {
                            "ami": "ami-af0fc0c0",
                            "associate_public_ip_address": "false",
                            "availability_zone": "eu-central-1a",
                            "disable_api_termination": "false",
                            "ebs_block_device.#": "0",
                            "ebs_optimized": "true",
                            "ephemeral_block_device.#": "0",
                            "iam_instance_profile": "upena-profile",
                            "id": "i-0638a0fc244faa23b",
                            "instance_state": "running",
                            "instance_type": "r4.xlarge",
                            "key_name": "reco-prod",
                            "monitoring": "false",
                            "network_interface_id": "eni-60377b0c",
                            "private_dns": "ip-10-122-162-227.eu-central-1.compute.internal",
                            "private_ip": "10.122.162.227",
                            "public_dns": "",
                            "public_ip": "",
                            "root_block_device.#": "1",
                            "root_block_device.0.delete_on_termination": "true",
                            "root_block_device.0.iops": "0",
                            "root_block_device.0.volume_size": "8",
                            "root_block_device.0.volume_type": "standard",
                            "security_groups.#": "0",
                            "source_dest_check": "true",
                            "subnet_id": "subnet-27d34e4f",
                            "tags.%": "7",
                            "tags.Account_name": "jive-reco-prod",
                            "tags.Jive_service": "upena",
                            "tags.Name": "prod-eu-upena-api-i1",
                            "tags.Pipeline_phase": "prod",
                            "tags.Region": "eu-central-1",
                            "tags.SLA": "prod",
                            "tags.Service_component": "upena-api",
                            "tenancy": "default",
                            "user_data": "6f569f8bd9ead16588244b31988425dbcecf3e67",
                            "vpc_security_group_ids.#": "2",
                            "vpc_security_group_ids.3818846143": "sg-e3966a88",
                            "vpc_security_group_ids.592348968": "sg-79f9f311"
                        },
                        "meta": {
                            "schema_version": "1"
                        },
                        "tainted": false
                    },
                    "deposed": [],
                    "provider": ""
                },
                "aws_instance.upena_api_i2": {
                    "type": "aws_instance",
                    "depends_on": [
                        "aws_security_group.upena_api_sg"
                    ],
                    "primary": {
                        "id": "i-0693a0280f8df2c0e",
                        "attributes": {
                            "ami": "ami-af0fc0c0",
                            "associate_public_ip_address": "false",
                            "availability_zone": "eu-central-1b",
                            "disable_api_termination": "false",
                            "ebs_block_device.#": "0",
                            "ebs_optimized": "true",
                            "ephemeral_block_device.#": "0",
                            "iam_instance_profile": "upena-profile",
                            "id": "i-0693a0280f8df2c0e",
                            "instance_state": "running",
                            "instance_type": "r4.xlarge",
                            "key_name": "reco-prod",
                            "monitoring": "false",
                            "network_interface_id": "eni-894998f7",
                            "private_dns": "ip-10-122-165-238.eu-central-1.compute.internal",
                            "private_ip": "10.122.165.238",
                            "public_dns": "",
                            "public_ip": "",
                            "root_block_device.#": "1",
                            "root_block_device.0.delete_on_termination": "true",
                            "root_block_device.0.iops": "0",
                            "root_block_device.0.volume_size": "8",
                            "root_block_device.0.volume_type": "standard",
                            "security_groups.#": "0",
                            "source_dest_check": "true",
                            "subnet_id": "subnet-87e640fd",
                            "tags.%": "7",
                            "tags.Account_name": "jive-reco-prod",
                            "tags.Jive_service": "upena",
                            "tags.Name": "prod-eu-upena-api-i2",
                            "tags.Pipeline_phase": "prod",
                            "tags.Region": "eu-central-1",
                            "tags.SLA": "prod",
                            "tags.Service_component": "upena-api",
                            "tenancy": "default",
                            "user_data": "6f569f8bd9ead16588244b31988425dbcecf3e67",
                            "vpc_security_group_ids.#": "2",
                            "vpc_security_group_ids.3818846143": "sg-e3966a88",
                            "vpc_security_group_ids.592348968": "sg-79f9f311"
                        },
                        "meta": {
                            "schema_version": "1"
                        },
                        "tainted": false
                    },
                    "deposed": [],
                    "provider": ""
                },
                "aws_route53_record.upena_api_ri1": {
                    "type": "aws_route53_record",
                    "depends_on": [
                        "aws_instance.upena_api_i1"
                    ],
                    "primary": {
                        "id": "Z3G5VQCYCT435Y_prod-eu-upena-api-i1_A",
                        "attributes": {
                            "fqdn": "prod-eu-upena-api-i1.jiveprivate.com",
                            "health_check_id": "",
                            "id": "Z3G5VQCYCT435Y_prod-eu-upena-api-i1_A",
                            "name": "prod-eu-upena-api-i1",
                            "records.#": "1",
                            "records.1306254872": "10.122.162.227",
                            "set_identifier": "",
                            "ttl": "60",
                            "type": "A",
                            "zone_id": "Z3G5VQCYCT435Y"
                        },
                        "meta": {
                            "schema_version": "2"
                        },
                        "tainted": false
                    },
                    "deposed": [],
                    "provider": ""
                },
                "aws_route53_record.upena_api_ri2": {
                    "type": "aws_route53_record",
                    "depends_on": [
                        "aws_instance.upena_api_i2"
                    ],
                    "primary": {
                        "id": "Z3G5VQCYCT435Y_prod-eu-upena-api-i2_A",
                        "attributes": {
                            "fqdn": "prod-eu-upena-api-i2.jiveprivate.com",
                            "health_check_id": "",
                            "id": "Z3G5VQCYCT435Y_prod-eu-upena-api-i2_A",
                            "name": "prod-eu-upena-api-i2",
                            "records.#": "1",
                            "records.1985949400": "10.122.165.238",
                            "set_identifier": "",
                            "ttl": "60",
                            "type": "A",
                            "zone_id": "Z3G5VQCYCT435Y"
                        },
                        "meta": {
                            "schema_version": "2"
                        },
                        "tainted": false
                    },
                    "deposed": [],
                    "provider": ""
                },
                "aws_security_group.upena_api_sg": {
                    "type": "aws_security_group",
                    "depends_on": [],
                    "primary": {
                        "id": "sg-e3966a88",
                        "attributes": {
                            "description": "Allows necessary communication between upena-api instances",
                            "egress.#": "0",
                            "id": "sg-e3966a88",
                            "ingress.#": "2",
                            "ingress.1251094559.cidr_blocks.#": "1",
                            "ingress.1251094559.cidr_blocks.0": "0.0.0.0/0",
                            "ingress.1251094559.from_port": "1175",
                            "ingress.1251094559.protocol": "tcp",
                            "ingress.1251094559.security_groups.#": "0",
                            "ingress.1251094559.self": "false",
                            "ingress.1251094559.to_port": "1175",
                            "ingress.3258786324.cidr_blocks.#": "1",
                            "ingress.3258786324.cidr_blocks.0": "0.0.0.0/0",
                            "ingress.3258786324.from_port": "10000",
                            "ingress.3258786324.protocol": "tcp",
                            "ingress.3258786324.security_groups.#": "0",
                            "ingress.3258786324.self": "false",
                            "ingress.3258786324.to_port": "11000",
                            "name": "prod-upena-api",
                            "owner_id": "870846026232",
                            "tags.%": "7",
                            "tags.Account_name": "jive-reco-prod",
                            "tags.Jive_service": "upena",
                            "tags.Name": "prod-upena-api",
                            "tags.Pipeline_phase": "prod",
                            "tags.Region": "eu-central-1",
                            "tags.SLA": "prod",
                            "tags.Service_component": "upena-api",
                            "vpc_id": "vpc-d1528fb9"
                        },
                        "meta": {},
                        "tainted": false
                    },
                    "deposed": [],
                    "provider": ""
                },
                "aws_volume_attachment.upena_api_i1_av0": {
                    "type": "aws_volume_attachment",
                    "depends_on": [
                        "aws_ebs_volume.upena_api_i1_v0",
                        "aws_instance.upena_api_i1"
                    ],
                    "primary": {
                        "id": "vai-851333831",
                        "attributes": {
                            "device_name": "/dev/sdd",
                            "force_detach": "true",
                            "id": "vai-851333831",
                            "instance_id": "i-0638a0fc244faa23b",
                            "volume_id": "vol-0fc2b7cb480d0f536"
                        },
                        "meta": {},
                        "tainted": false
                    },
                    "deposed": [],
                    "provider": ""
                },
                "aws_volume_attachment.upena_api_i2_av0": {
                    "type": "aws_volume_attachment",
                    "depends_on": [
                        "aws_ebs_volume.upena_api_i2_v0",
                        "aws_instance.upena_api_i2"
                    ],
                    "primary": {
                        "id": "vai-1573045114",
                        "attributes": {
                            "device_name": "/dev/sdd",
                            "force_detach": "true",
                            "id": "vai-1573045114",
                            "instance_id": "i-0693a0280f8df2c0e",
                            "volume_id": "vol-0c6951b63f2ca2b85"
                        },
                        "meta": {},
                        "tainted": false
                    },
                    "deposed": [],
                    "provider": ""
                }
            },
            "depends_on": []
        }
    ]
}
