{
    "version": 3,
    "terraform_version": "0.9.2",
    "serial": 7,
    "lineage": "97b067c1-caa8-4e5a-8752-950bf13c9db1",
    "modules": [
        {
            "path": [
                "root"
            ],
            "outputs": {},
            "resources": {
                "aws_eip.natgw.0": {
                    "type": "aws_eip",
                    "depends_on": [],
                    "primary": {
                        "id": "eipalloc-72523a1b",
                        "attributes": {
                            "association_id": "eipassoc-01d0b26a",
                            "domain": "vpc",
                            "id": "eipalloc-72523a1b",
                            "instance": "",
                            "network_interface": "eni-66d07009",
                            "private_ip": "10.114.243.14",
                            "public_ip": "35.156.208.238",
                            "vpc": "true"
                        },
                        "meta": {},
                        "tainted": false
                    },
                    "deposed": [],
                    "provider": ""
                },
                "aws_eip.natgw.1": {
                    "type": "aws_eip",
                    "depends_on": [],
                    "primary": {
                        "id": "eipalloc-f9ce8690",
                        "attributes": {
                            "association_id": "eipassoc-1bd1b370",
                            "domain": "vpc",
                            "id": "eipalloc-f9ce8690",
                            "instance": "",
                            "network_interface": "eni-a96646d7",
                            "private_ip": "10.114.243.40",
                            "public_ip": "35.157.63.190",
                            "vpc": "true"
                        },
                        "meta": {},
                        "tainted": false
                    },
                    "deposed": [],
                    "provider": ""
                },
                "aws_internet_gateway.igw": {
                    "type": "aws_internet_gateway",
                    "depends_on": [
                        "aws_vpc.main"
                    ],
                    "primary": {
                        "id": "igw-0498bd6d",
                        "attributes": {
                            "id": "igw-0498bd6d",
                            "tags.%": "5",
                            "tags.Name": "integ-igw",
                            "tags.account_name": "jive-reco-pipeline",
                            "tags.pipeline_phase": "integ",
                            "tags.region": "eu-central-1",
                            "tags.sla": "non-prod",
                            "vpc_id": "vpc-034c916b"
                        },
                        "meta": {},
                        "tainted": false
                    },
                    "deposed": [],
                    "provider": ""
                },
                "aws_nat_gateway.natgw.0": {
                    "type": "aws_nat_gateway",
                    "depends_on": [
                        "aws_eip.natgw.*",
                        "aws_internet_gateway.igw",
                        "aws_subnet.public.*"
                    ],
                    "primary": {
                        "id": "nat-0a90cbeba58b5127f",
                        "attributes": {
                            "allocation_id": "eipalloc-72523a1b",
                            "id": "nat-0a90cbeba58b5127f",
                            "network_interface_id": "eni-66d07009",
                            "private_ip": "10.114.243.14",
                            "public_ip": "35.156.208.238",
                            "subnet_id": "subnet-9bd24ff3"
                        },
                        "meta": {},
                        "tainted": false
                    },
                    "deposed": [],
                    "provider": ""
                },
                "aws_nat_gateway.natgw.1": {
                    "type": "aws_nat_gateway",
                    "depends_on": [
                        "aws_eip.natgw.*",
                        "aws_internet_gateway.igw",
                        "aws_subnet.public.*"
                    ],
                    "primary": {
                        "id": "nat-0573467fa5cf2656f",
                        "attributes": {
                            "allocation_id": "eipalloc-f9ce8690",
                            "id": "nat-0573467fa5cf2656f",
                            "network_interface_id": "eni-a96646d7",
                            "private_ip": "10.114.243.40",
                            "public_ip": "35.157.63.190",
                            "subnet_id": "subnet-03e44279"
                        },
                        "meta": {},
                        "tainted": false
                    },
                    "deposed": [],
                    "provider": ""
                },
                "aws_route.bastion_natdc.0": {
                    "type": "aws_route",
                    "depends_on": [
                        "aws_route_table.natdc.*",
                        "aws_vpc_peering_connection.infra"
                    ],
                    "primary": {
                        "id": "r-rtb-a8d95dc02870499430",
                        "attributes": {
                            "destination_cidr_block": "10.127.78.7/32",
                            "destination_prefix_list_id": "",
                            "egress_only_gateway_id": "",
                            "gateway_id": "",
                            "id": "r-rtb-a8d95dc02870499430",
                            "instance_id": "",
                            "instance_owner_id": "",
                            "nat_gateway_id": "",
                            "network_interface_id": "",
                            "origin": "CreateRoute",
                            "route_table_id": "rtb-a8d95dc0",
                            "state": "active",
                            "vpc_peering_connection_id": "pcx-b66bb2df"
                        },
                        "meta": {},
                        "tainted": false
                    },
                    "deposed": [],
                    "provider": ""
                },
                "aws_route.bastion_natdc.1": {
                    "type": "aws_route",
                    "depends_on": [
                        "aws_route_table.natdc.*",
                        "aws_vpc_peering_connection.infra"
                    ],
                    "primary": {
                        "id": "r-rtb-d6ebacbe2870499430",
                        "attributes": {
                            "destination_cidr_block": "10.127.78.7/32",
                            "destination_prefix_list_id": "",
                            "egress_only_gateway_id": "",
                            "gateway_id": "",
                            "id": "r-rtb-d6ebacbe2870499430",
                            "instance_id": "",
                            "instance_owner_id": "",
                            "nat_gateway_id": "",
                            "network_interface_id": "",
                            "origin": "CreateRoute",
                            "route_table_id": "rtb-d6ebacbe",
                            "state": "active",
                            "vpc_peering_connection_id": "pcx-b66bb2df"
                        },
                        "meta": {},
                        "tainted": false
                    },
                    "deposed": [],
                    "provider": ""
                },
                "aws_route.bastion_private": {
                    "type": "aws_route",
                    "depends_on": [
                        "aws_route_table.private",
                        "aws_vpc_peering_connection.infra"
                    ],
                    "primary": {
                        "id": "r-rtb-fad95d922870499430",
                        "attributes": {
                            "destination_cidr_block": "10.127.78.7/32",
                            "destination_prefix_list_id": "",
                            "egress_only_gateway_id": "",
                            "gateway_id": "",
                            "id": "r-rtb-fad95d922870499430",
                            "instance_id": "",
                            "instance_owner_id": "",
                            "nat_gateway_id": "",
                            "network_interface_id": "",
                            "origin": "CreateRoute",
                            "route_table_id": "rtb-fad95d92",
                            "state": "active",
                            "vpc_peering_connection_id": "pcx-b66bb2df"
                        },
                        "meta": {},
                        "tainted": false
                    },
                    "deposed": [],
                    "provider": ""
                },
                "aws_route.bastion_public": {
                    "type": "aws_route",
                    "depends_on": [
                        "aws_route_table.public",
                        "aws_vpc_peering_connection.infra"
                    ],
                    "primary": {
                        "id": "r-rtb-fdd95d952870499430",
                        "attributes": {
                            "destination_cidr_block": "10.127.78.7/32",
                            "destination_prefix_list_id": "",
                            "egress_only_gateway_id": "",
                            "gateway_id": "",
                            "id": "r-rtb-fdd95d952870499430",
                            "instance_id": "",
                            "instance_owner_id": "",
                            "nat_gateway_id": "",
                            "network_interface_id": "",
                            "origin": "CreateRoute",
                            "route_table_id": "rtb-fdd95d95",
                            "state": "active",
                            "vpc_peering_connection_id": "pcx-b66bb2df"
                        },
                        "meta": {},
                        "tainted": false
                    },
                    "deposed": [],
                    "provider": ""
                },
                "aws_route.data_natdc.0": {
                    "type": "aws_route",
                    "depends_on": [
                        "aws_route_table.natdc.*"
                    ],
                    "primary": {
                        "id": "r-rtb-a8d95dc02539375733",
                        "attributes": {
                            "destination_cidr_block": "10.114.96.0/22",
                            "destination_prefix_list_id": "",
                            "egress_only_gateway_id": "",
                            "gateway_id": "",
                            "id": "r-rtb-a8d95dc02539375733",
                            "instance_id": "",
                            "instance_owner_id": "",
                            "nat_gateway_id": "",
                            "network_interface_id": "",
                            "origin": "CreateRoute",
                            "route_table_id": "rtb-a8d95dc0",
                            "state": "active",
                            "vpc_peering_connection_id": "pcx-55a8703c"
                        },
                        "meta": {},
                        "tainted": false
                    },
                    "deposed": [],
                    "provider": ""
                },
                "aws_route.data_natdc.1": {
                    "type": "aws_route",
                    "depends_on": [
                        "aws_route_table.natdc.*"
                    ],
                    "primary": {
                        "id": "r-rtb-d6ebacbe2539375733",
                        "attributes": {
                            "destination_cidr_block": "10.114.96.0/22",
                            "destination_prefix_list_id": "",
                            "egress_only_gateway_id": "",
                            "gateway_id": "",
                            "id": "r-rtb-d6ebacbe2539375733",
                            "instance_id": "",
                            "instance_owner_id": "",
                            "nat_gateway_id": "",
                            "network_interface_id": "",
                            "origin": "CreateRoute",
                            "route_table_id": "rtb-d6ebacbe",
                            "state": "active",
                            "vpc_peering_connection_id": "pcx-55a8703c"
                        },
                        "meta": {},
                        "tainted": false
                    },
                    "deposed": [],
                    "provider": ""
                },
                "aws_route.data_private": {
                    "type": "aws_route",
                    "depends_on": [
                        "aws_route_table.private"
                    ],
                    "primary": {
                        "id": "r-rtb-fad95d922539375733",
                        "attributes": {
                            "destination_cidr_block": "10.114.96.0/22",
                            "destination_prefix_list_id": "",
                            "egress_only_gateway_id": "",
                            "gateway_id": "",
                            "id": "r-rtb-fad95d922539375733",
                            "instance_id": "",
                            "instance_owner_id": "",
                            "nat_gateway_id": "",
                            "network_interface_id": "",
                            "origin": "CreateRoute",
                            "route_table_id": "rtb-fad95d92",
                            "state": "active",
                            "vpc_peering_connection_id": "pcx-55a8703c"
                        },
                        "meta": {},
                        "tainted": false
                    },
                    "deposed": [],
                    "provider": ""
                },
                "aws_route.data_public": {
                    "type": "aws_route",
                    "depends_on": [
                        "aws_route_table.public"
                    ],
                    "primary": {
                        "id": "r-rtb-fdd95d952539375733",
                        "attributes": {
                            "destination_cidr_block": "10.114.96.0/22",
                            "destination_prefix_list_id": "",
                            "egress_only_gateway_id": "",
                            "gateway_id": "",
                            "id": "r-rtb-fdd95d952539375733",
                            "instance_id": "",
                            "instance_owner_id": "",
                            "nat_gateway_id": "",
                            "network_interface_id": "",
                            "origin": "CreateRoute",
                            "route_table_id": "rtb-fdd95d95",
                            "state": "active",
                            "vpc_peering_connection_id": "pcx-55a8703c"
                        },
                        "meta": {},
                        "tainted": false
                    },
                    "deposed": [],
                    "provider": ""
                },
                "aws_route.infra_natdc.0": {
                    "type": "aws_route",
                    "depends_on": [
                        "aws_vpc_peering_connection.infra"
                    ],
                    "primary": {
                        "id": "r-rtb-9e2e95f6173035759",
                        "attributes": {
                            "destination_cidr_block": "10.114.240.0/22",
                            "destination_prefix_list_id": "",
                            "egress_only_gateway_id": "",
                            "gateway_id": "",
                            "id": "r-rtb-9e2e95f6173035759",
                            "instance_id": "",
                            "instance_owner_id": "",
                            "nat_gateway_id": "",
                            "network_interface_id": "",
                            "origin": "CreateRoute",
                            "route_table_id": "rtb-9e2e95f6",
                            "state": "active",
                            "vpc_peering_connection_id": "pcx-b66bb2df"
                        },
                        "meta": {},
                        "tainted": false
                    },
                    "deposed": [],
                    "provider": ""
                },
                "aws_route.infra_natdc.1": {
                    "type": "aws_route",
                    "depends_on": [
                        "aws_vpc_peering_connection.infra"
                    ],
                    "primary": {
                        "id": "r-rtb-9ceea9f4173035759",
                        "attributes": {
                            "destination_cidr_block": "10.114.240.0/22",
                            "destination_prefix_list_id": "",
                            "egress_only_gateway_id": "",
                            "gateway_id": "",
                            "id": "r-rtb-9ceea9f4173035759",
                            "instance_id": "",
                            "instance_owner_id": "",
                            "nat_gateway_id": "",
                            "network_interface_id": "",
                            "origin": "CreateRoute",
                            "route_table_id": "rtb-9ceea9f4",
                            "state": "active",
                            "vpc_peering_connection_id": "pcx-b66bb2df"
                        },
                        "meta": {},
                        "tainted": false
                    },
                    "deposed": [],
                    "provider": ""
                },
                "aws_route.infra_private": {
                    "type": "aws_route",
                    "depends_on": [
                        "aws_vpc_peering_connection.infra"
                    ],
                    "primary": {
                        "id": "r-rtb-ac2e95c4173035759",
                        "attributes": {
                            "destination_cidr_block": "10.114.240.0/22",
                            "destination_prefix_list_id": "",
                            "egress_only_gateway_id": "",
                            "gateway_id": "",
                            "id": "r-rtb-ac2e95c4173035759",
                            "instance_id": "",
                            "instance_owner_id": "",
                            "nat_gateway_id": "",
                            "network_interface_id": "",
                            "origin": "CreateRoute",
                            "route_table_id": "rtb-ac2e95c4",
                            "state": "active",
                            "vpc_peering_connection_id": "pcx-b66bb2df"
                        },
                        "meta": {},
                        "tainted": false
                    },
                    "deposed": [],
                    "provider": ""
                },
                "aws_route.infra_public": {
                    "type": "aws_route",
                    "depends_on": [
                        "aws_vpc_peering_connection.infra"
                    ],
                    "primary": {
                        "id": "r-rtb-a02e95c8173035759",
                        "attributes": {
                            "destination_cidr_block": "10.114.240.0/22",
                            "destination_prefix_list_id": "",
                            "egress_only_gateway_id": "",
                            "gateway_id": "",
                            "id": "r-rtb-a02e95c8173035759",
                            "instance_id": "",
                            "instance_owner_id": "",
                            "nat_gateway_id": "",
                            "network_interface_id": "",
                            "origin": "CreateRoute",
                            "route_table_id": "rtb-a02e95c8",
                            "state": "active",
                            "vpc_peering_connection_id": "pcx-b66bb2df"
                        },
                        "meta": {},
                        "tainted": false
                    },
                    "deposed": [],
                    "provider": ""
                },
                "aws_route.microservices_jcx_natdc.0": {
                    "type": "aws_route",
                    "depends_on": [
                        "aws_route_table.natdc.*"
                    ],
                    "primary": {
                        "id": "r-rtb-a8d95dc02017802059",
                        "attributes": {
                            "destination_cidr_block": "10.126.128.0/20",
                            "destination_prefix_list_id": "",
                            "egress_only_gateway_id": "",
                            "gateway_id": "",
                            "id": "r-rtb-a8d95dc02017802059",
                            "instance_id": "",
                            "instance_owner_id": "",
                            "nat_gateway_id": "",
                            "network_interface_id": "",
                            "origin": "CreateRoute",
                            "route_table_id": "rtb-a8d95dc0",
                            "state": "active",
                            "vpc_peering_connection_id": "pcx-279c444e"
                        },
                        "meta": {},
                        "tainted": false
                    },
                    "deposed": [],
                    "provider": ""
                },
                "aws_route.microservices_jcx_natdc.1": {
                    "type": "aws_route",
                    "depends_on": [
                        "aws_route_table.natdc.*"
                    ],
                    "primary": {
                        "id": "r-rtb-d6ebacbe2017802059",
                        "attributes": {
                            "destination_cidr_block": "10.126.128.0/20",
                            "destination_prefix_list_id": "",
                            "egress_only_gateway_id": "",
                            "gateway_id": "",
                            "id": "r-rtb-d6ebacbe2017802059",
                            "instance_id": "",
                            "instance_owner_id": "",
                            "nat_gateway_id": "",
                            "network_interface_id": "",
                            "origin": "CreateRoute",
                            "route_table_id": "rtb-d6ebacbe",
                            "state": "active",
                            "vpc_peering_connection_id": "pcx-279c444e"
                        },
                        "meta": {},
                        "tainted": false
                    },
                    "deposed": [],
                    "provider": ""
                },
                "aws_route.microservices_jcx_private": {
                    "type": "aws_route",
                    "depends_on": [
                        "aws_route_table.private"
                    ],
                    "primary": {
                        "id": "r-rtb-fad95d922017802059",
                        "attributes": {
                            "destination_cidr_block": "10.126.128.0/20",
                            "destination_prefix_list_id": "",
                            "egress_only_gateway_id": "",
                            "gateway_id": "",
                            "id": "r-rtb-fad95d922017802059",
                            "instance_id": "",
                            "instance_owner_id": "",
                            "nat_gateway_id": "",
                            "network_interface_id": "",
                            "origin": "CreateRoute",
                            "route_table_id": "rtb-fad95d92",
                            "state": "active",
                            "vpc_peering_connection_id": "pcx-279c444e"
                        },
                        "meta": {},
                        "tainted": false
                    },
                    "deposed": [],
                    "provider": ""
                },
                "aws_route.microservices_jcx_public": {
                    "type": "aws_route",
                    "depends_on": [
                        "aws_route_table.public"
                    ],
                    "primary": {
                        "id": "r-rtb-fdd95d952017802059",
                        "attributes": {
                            "destination_cidr_block": "10.126.128.0/20",
                            "destination_prefix_list_id": "",
                            "egress_only_gateway_id": "",
                            "gateway_id": "",
                            "id": "r-rtb-fdd95d952017802059",
                            "instance_id": "",
                            "instance_owner_id": "",
                            "nat_gateway_id": "",
                            "network_interface_id": "",
                            "origin": "CreateRoute",
                            "route_table_id": "rtb-fdd95d95",
                            "state": "active",
                            "vpc_peering_connection_id": "pcx-279c444e"
                        },
                        "meta": {},
                        "tainted": false
                    },
                    "deposed": [],
                    "provider": ""
                },
                "aws_route.microservices_natdc.0": {
                    "type": "aws_route",
                    "depends_on": [
                        "aws_route_table.natdc.*"
                    ],
                    "primary": {
                        "id": "r-rtb-a8d95dc04047533110",
                        "attributes": {
                            "destination_cidr_block": "10.114.144.0/20",
                            "destination_prefix_list_id": "",
                            "egress_only_gateway_id": "",
                            "gateway_id": "",
                            "id": "r-rtb-a8d95dc04047533110",
                            "instance_id": "",
                            "instance_owner_id": "",
                            "nat_gateway_id": "",
                            "network_interface_id": "",
                            "origin": "CreateRoute",
                            "route_table_id": "rtb-a8d95dc0",
                            "state": "active",
                            "vpc_peering_connection_id": "pcx-ba9941d3"
                        },
                        "meta": {},
                        "tainted": false
                    },
                    "deposed": [],
                    "provider": ""
                },
                "aws_route.microservices_natdc.1": {
                    "type": "aws_route",
                    "depends_on": [
                        "aws_route_table.natdc.*"
                    ],
                    "primary": {
                        "id": "r-rtb-d6ebacbe4047533110",
                        "attributes": {
                            "destination_cidr_block": "10.114.144.0/20",
                            "destination_prefix_list_id": "",
                            "egress_only_gateway_id": "",
                            "gateway_id": "",
                            "id": "r-rtb-d6ebacbe4047533110",
                            "instance_id": "",
                            "instance_owner_id": "",
                            "nat_gateway_id": "",
                            "network_interface_id": "",
                            "origin": "CreateRoute",
                            "route_table_id": "rtb-d6ebacbe",
                            "state": "active",
                            "vpc_peering_connection_id": "pcx-ba9941d3"
                        },
                        "meta": {},
                        "tainted": false
                    },
                    "deposed": [],
                    "provider": ""
                },
                "aws_route.microservices_private": {
                    "type": "aws_route",
                    "depends_on": [
                        "aws_route_table.private"
                    ],
                    "primary": {
                        "id": "r-rtb-fad95d924047533110",
                        "attributes": {
                            "destination_cidr_block": "10.114.144.0/20",
                            "destination_prefix_list_id": "",
                            "egress_only_gateway_id": "",
                            "gateway_id": "",
                            "id": "r-rtb-fad95d924047533110",
                            "instance_id": "",
                            "instance_owner_id": "",
                            "nat_gateway_id": "",
                            "network_interface_id": "",
                            "origin": "CreateRoute",
                            "route_table_id": "rtb-fad95d92",
                            "state": "active",
                            "vpc_peering_connection_id": "pcx-ba9941d3"
                        },
                        "meta": {},
                        "tainted": false
                    },
                    "deposed": [],
                    "provider": ""
                },
                "aws_route.microservices_public": {
                    "type": "aws_route",
                    "depends_on": [
                        "aws_route_table.public"
                    ],
                    "primary": {
                        "id": "r-rtb-fdd95d954047533110",
                        "attributes": {
                            "destination_cidr_block": "10.114.144.0/20",
                            "destination_prefix_list_id": "",
                            "egress_only_gateway_id": "",
                            "gateway_id": "",
                            "id": "r-rtb-fdd95d954047533110",
                            "instance_id": "",
                            "instance_owner_id": "",
                            "nat_gateway_id": "",
                            "network_interface_id": "",
                            "origin": "CreateRoute",
                            "route_table_id": "rtb-fdd95d95",
                            "state": "active",
                            "vpc_peering_connection_id": "pcx-ba9941d3"
                        },
                        "meta": {},
                        "tainted": false
                    },
                    "deposed": [],
                    "provider": ""
                },
                "aws_route53_zone_association.route53": {
                    "type": "aws_route53_zone_association",
                    "depends_on": [
                        "aws_vpc.main"
                    ],
                    "primary": {
                        "id": "Z17UOFXP4LI2IE:vpc-034c916b",
                        "attributes": {
                            "id": "Z17UOFXP4LI2IE:vpc-034c916b",
                            "vpc_id": "vpc-034c916b",
                            "vpc_region": "eu-central-1",
                            "zone_id": "Z17UOFXP4LI2IE"
                        },
                        "meta": {},
                        "tainted": false
                    },
                    "deposed": [],
                    "provider": ""
                },
                "aws_route_table.natdc.0": {
                    "type": "aws_route_table",
                    "depends_on": [
                        "aws_nat_gateway.natgw",
                        "aws_vpc.main",
                        "aws_vpn_gateway.vgw"
                    ],
                    "primary": {
                        "id": "rtb-a8d95dc0",
                        "attributes": {
                            "id": "rtb-a8d95dc0",
                            "propagating_vgws.#": "1",
                            "propagating_vgws.2529530393": "vgw-b2b03f82",
                            "route.#": "5",
                            "route.1113470586.cidr_block": "0.0.0.0/0",
                            "route.1113470586.egress_only_gateway_id": "",
                            "route.1113470586.gateway_id": "",
                            "route.1113470586.instance_id": "",
                            "route.1113470586.ipv6_cidr_block": "",
                            "route.1113470586.nat_gateway_id": "nat-0573467fa5cf2656f",
                            "route.1113470586.network_interface_id": "",
                            "route.1113470586.vpc_peering_connection_id": "",
                            "route.2106324340.cidr_block": "10.127.78.7/32",
                            "route.2106324340.egress_only_gateway_id": "",
                            "route.2106324340.gateway_id": "",
                            "route.2106324340.instance_id": "",
                            "route.2106324340.ipv6_cidr_block": "",
                            "route.2106324340.nat_gateway_id": "",
                            "route.2106324340.network_interface_id": "",
                            "route.2106324340.vpc_peering_connection_id": "pcx-b66bb2df",
                            "route.2296870166.cidr_block": "10.114.144.0/20",
                            "route.2296870166.egress_only_gateway_id": "",
                            "route.2296870166.gateway_id": "",
                            "route.2296870166.instance_id": "",
                            "route.2296870166.ipv6_cidr_block": "",
                            "route.2296870166.nat_gateway_id": "",
                            "route.2296870166.network_interface_id": "",
                            "route.2296870166.vpc_peering_connection_id": "pcx-ba9941d3",
                            "route.3053730854.cidr_block": "10.126.128.0/20",
                            "route.3053730854.egress_only_gateway_id": "",
                            "route.3053730854.gateway_id": "",
                            "route.3053730854.instance_id": "",
                            "route.3053730854.ipv6_cidr_block": "",
                            "route.3053730854.nat_gateway_id": "",
                            "route.3053730854.network_interface_id": "",
                            "route.3053730854.vpc_peering_connection_id": "pcx-279c444e",
                            "route.3532152597.cidr_block": "10.114.96.0/22",
                            "route.3532152597.egress_only_gateway_id": "",
                            "route.3532152597.gateway_id": "",
                            "route.3532152597.instance_id": "",
                            "route.3532152597.ipv6_cidr_block": "",
                            "route.3532152597.nat_gateway_id": "",
                            "route.3532152597.network_interface_id": "",
                            "route.3532152597.vpc_peering_connection_id": "pcx-55a8703c",
                            "tags.%": "5",
                            "tags.Name": "integ-natdc-routetable",
                            "tags.account_name": "jive-reco-pipeline",
                            "tags.pipeline_phase": "integ",
                            "tags.region": "eu-central-1",
                            "tags.sla": "non-prod",
                            "vpc_id": "vpc-034c916b"
                        },
                        "meta": {},
                        "tainted": false
                    },
                    "deposed": [],
                    "provider": ""
                },
                "aws_route_table.natdc.1": {
                    "type": "aws_route_table",
                    "depends_on": [
                        "aws_nat_gateway.natgw.*",
                        "aws_vpc.main",
                        "aws_vpn_gateway.vgw"
                    ],
                    "primary": {
                        "id": "rtb-d6ebacbe",
                        "attributes": {
                            "id": "rtb-d6ebacbe",
                            "propagating_vgws.#": "1",
                            "propagating_vgws.2529530393": "vgw-b2b03f82",
                            "route.#": "5",
                            "route.2068673405.cidr_block": "0.0.0.0/0",
                            "route.2068673405.egress_only_gateway_id": "",
                            "route.2068673405.gateway_id": "",
                            "route.2068673405.instance_id": "",
                            "route.2068673405.ipv6_cidr_block": "",
                            "route.2068673405.nat_gateway_id": "nat-0a90cbeba58b5127f",
                            "route.2068673405.network_interface_id": "",
                            "route.2068673405.vpc_peering_connection_id": "",
                            "route.2106324340.cidr_block": "10.127.78.7/32",
                            "route.2106324340.egress_only_gateway_id": "",
                            "route.2106324340.gateway_id": "",
                            "route.2106324340.instance_id": "",
                            "route.2106324340.ipv6_cidr_block": "",
                            "route.2106324340.nat_gateway_id": "",
                            "route.2106324340.network_interface_id": "",
                            "route.2106324340.vpc_peering_connection_id": "pcx-b66bb2df",
                            "route.2296870166.cidr_block": "10.114.144.0/20",
                            "route.2296870166.egress_only_gateway_id": "",
                            "route.2296870166.gateway_id": "",
                            "route.2296870166.instance_id": "",
                            "route.2296870166.ipv6_cidr_block": "",
                            "route.2296870166.nat_gateway_id": "",
                            "route.2296870166.network_interface_id": "",
                            "route.2296870166.vpc_peering_connection_id": "pcx-ba9941d3",
                            "route.3053730854.cidr_block": "10.126.128.0/20",
                            "route.3053730854.egress_only_gateway_id": "",
                            "route.3053730854.gateway_id": "",
                            "route.3053730854.instance_id": "",
                            "route.3053730854.ipv6_cidr_block": "",
                            "route.3053730854.nat_gateway_id": "",
                            "route.3053730854.network_interface_id": "",
                            "route.3053730854.vpc_peering_connection_id": "pcx-279c444e",
                            "route.3532152597.cidr_block": "10.114.96.0/22",
                            "route.3532152597.egress_only_gateway_id": "",
                            "route.3532152597.gateway_id": "",
                            "route.3532152597.instance_id": "",
                            "route.3532152597.ipv6_cidr_block": "",
                            "route.3532152597.nat_gateway_id": "",
                            "route.3532152597.network_interface_id": "",
                            "route.3532152597.vpc_peering_connection_id": "pcx-55a8703c",
                            "tags.%": "5",
                            "tags.Name": "integ-natdc-routetable",
                            "tags.account_name": "jive-reco-pipeline",
                            "tags.pipeline_phase": "integ",
                            "tags.region": "eu-central-1",
                            "tags.sla": "non-prod",
                            "vpc_id": "vpc-034c916b"
                        },
                        "meta": {},
                        "tainted": false
                    },
                    "deposed": [],
                    "provider": ""
                },
                "aws_route_table.private": {
                    "type": "aws_route_table",
                    "depends_on": [
                        "aws_vpc.main"
                    ],
                    "primary": {
                        "id": "rtb-fad95d92",
                        "attributes": {
                            "id": "rtb-fad95d92",
                            "propagating_vgws.#": "0",
                            "route.#": "4",
                            "route.2106324340.cidr_block": "10.127.78.7/32",
                            "route.2106324340.egress_only_gateway_id": "",
                            "route.2106324340.gateway_id": "",
                            "route.2106324340.instance_id": "",
                            "route.2106324340.ipv6_cidr_block": "",
                            "route.2106324340.nat_gateway_id": "",
                            "route.2106324340.network_interface_id": "",
                            "route.2106324340.vpc_peering_connection_id": "pcx-b66bb2df",
                            "route.2296870166.cidr_block": "10.114.144.0/20",
                            "route.2296870166.egress_only_gateway_id": "",
                            "route.2296870166.gateway_id": "",
                            "route.2296870166.instance_id": "",
                            "route.2296870166.ipv6_cidr_block": "",
                            "route.2296870166.nat_gateway_id": "",
                            "route.2296870166.network_interface_id": "",
                            "route.2296870166.vpc_peering_connection_id": "pcx-ba9941d3",
                            "route.3053730854.cidr_block": "10.126.128.0/20",
                            "route.3053730854.egress_only_gateway_id": "",
                            "route.3053730854.gateway_id": "",
                            "route.3053730854.instance_id": "",
                            "route.3053730854.ipv6_cidr_block": "",
                            "route.3053730854.nat_gateway_id": "",
                            "route.3053730854.network_interface_id": "",
                            "route.3053730854.vpc_peering_connection_id": "pcx-279c444e",
                            "route.3532152597.cidr_block": "10.114.96.0/22",
                            "route.3532152597.egress_only_gateway_id": "",
                            "route.3532152597.gateway_id": "",
                            "route.3532152597.instance_id": "",
                            "route.3532152597.ipv6_cidr_block": "",
                            "route.3532152597.nat_gateway_id": "",
                            "route.3532152597.network_interface_id": "",
                            "route.3532152597.vpc_peering_connection_id": "pcx-55a8703c",
                            "tags.%": "5",
                            "tags.Name": "integ-private-routetable",
                            "tags.account_name": "jive-reco-pipeline",
                            "tags.pipeline_phase": "integ",
                            "tags.region": "eu-central-1",
                            "tags.sla": "non-prod",
                            "vpc_id": "vpc-034c916b"
                        },
                        "meta": {},
                        "tainted": false
                    },
                    "deposed": [],
                    "provider": ""
                },
                "aws_route_table.public": {
                    "type": "aws_route_table",
                    "depends_on": [
                        "aws_internet_gateway.igw",
                        "aws_vpc.main"
                    ],
                    "primary": {
                        "id": "rtb-fdd95d95",
                        "attributes": {
                            "id": "rtb-fdd95d95",
                            "propagating_vgws.#": "0",
                            "route.#": "5",
                            "route.2106324340.cidr_block": "10.127.78.7/32",
                            "route.2106324340.egress_only_gateway_id": "",
                            "route.2106324340.gateway_id": "",
                            "route.2106324340.instance_id": "",
                            "route.2106324340.ipv6_cidr_block": "",
                            "route.2106324340.nat_gateway_id": "",
                            "route.2106324340.network_interface_id": "",
                            "route.2106324340.vpc_peering_connection_id": "pcx-b66bb2df",
                            "route.2296870166.cidr_block": "10.114.144.0/20",
                            "route.2296870166.egress_only_gateway_id": "",
                            "route.2296870166.gateway_id": "",
                            "route.2296870166.instance_id": "",
                            "route.2296870166.ipv6_cidr_block": "",
                            "route.2296870166.nat_gateway_id": "",
                            "route.2296870166.network_interface_id": "",
                            "route.2296870166.vpc_peering_connection_id": "pcx-ba9941d3",
                            "route.3053730854.cidr_block": "10.126.128.0/20",
                            "route.3053730854.egress_only_gateway_id": "",
                            "route.3053730854.gateway_id": "",
                            "route.3053730854.instance_id": "",
                            "route.3053730854.ipv6_cidr_block": "",
                            "route.3053730854.nat_gateway_id": "",
                            "route.3053730854.network_interface_id": "",
                            "route.3053730854.vpc_peering_connection_id": "pcx-279c444e",
                            "route.3532152597.cidr_block": "10.114.96.0/22",
                            "route.3532152597.egress_only_gateway_id": "",
                            "route.3532152597.gateway_id": "",
                            "route.3532152597.instance_id": "",
                            "route.3532152597.ipv6_cidr_block": "",
                            "route.3532152597.nat_gateway_id": "",
                            "route.3532152597.network_interface_id": "",
                            "route.3532152597.vpc_peering_connection_id": "pcx-55a8703c",
                            "route.99121122.cidr_block": "0.0.0.0/0",
                            "route.99121122.egress_only_gateway_id": "",
                            "route.99121122.gateway_id": "igw-0498bd6d",
                            "route.99121122.instance_id": "",
                            "route.99121122.ipv6_cidr_block": "",
                            "route.99121122.nat_gateway_id": "",
                            "route.99121122.network_interface_id": "",
                            "route.99121122.vpc_peering_connection_id": "",
                            "tags.%": "6",
                            "tags.KubernetesCluster": "eu-central-1_jive-reco-pipeline",
                            "tags.Name": "integ-public-routetable",
                            "tags.account_name": "jive-reco-pipeline",
                            "tags.pipeline_phase": "integ",
                            "tags.region": "eu-central-1",
                            "tags.sla": "non-prod",
                            "vpc_id": "vpc-034c916b"
                        },
                        "meta": {},
                        "tainted": false
                    },
                    "deposed": [],
                    "provider": ""
                },
                "aws_route_table_association.natdc.0": {
                    "type": "aws_route_table_association",
                    "depends_on": [
                        "aws_route_table.natdc.*",
                        "aws_subnet.natdc.*"
                    ],
                    "primary": {
                        "id": "rtbassoc-804869e8",
                        "attributes": {
                            "id": "rtbassoc-804869e8",
                            "route_table_id": "rtb-a8d95dc0",
                            "subnet_id": "subnet-06e4427c"
                        },
                        "meta": {},
                        "tainted": false
                    },
                    "deposed": [],
                    "provider": ""
                },
                "aws_route_table_association.natdc.1": {
                    "type": "aws_route_table_association",
                    "depends_on": [
                        "aws_route_table.natdc.*",
                        "aws_subnet.natdc.*"
                    ],
                    "primary": {
                        "id": "rtbassoc-03e41768",
                        "attributes": {
                            "id": "rtbassoc-03e41768",
                            "route_table_id": "rtb-d6ebacbe",
                            "subnet_id": "subnet-87d24fef"
                        },
                        "meta": {},
                        "tainted": false
                    },
                    "deposed": [],
                    "provider": ""
                },
                "aws_route_table_association.private.0": {
                    "type": "aws_route_table_association",
                    "depends_on": [
                        "aws_route_table.private",
                        "aws_subnet.private"
                    ],
                    "primary": {
                        "id": "rtbassoc-da4869b2",
                        "attributes": {
                            "id": "rtbassoc-da4869b2",
                            "route_table_id": "rtb-fad95d92",
                            "subnet_id": "subnet-99d24ff1"
                        },
                        "meta": {},
                        "tainted": false
                    },
                    "deposed": [],
                    "provider": ""
                },
                "aws_route_table_association.private.1": {
                    "type": "aws_route_table_association",
                    "depends_on": [
                        "aws_route_table.private",
                        "aws_subnet.private"
                    ],
                    "primary": {
                        "id": "rtbassoc-d94869b1",
                        "attributes": {
                            "id": "rtbassoc-d94869b1",
                            "route_table_id": "rtb-fad95d92",
                            "subnet_id": "subnet-04e4427e"
                        },
                        "meta": {},
                        "tainted": false
                    },
                    "deposed": [],
                    "provider": ""
                },
                "aws_route_table_association.public.0": {
                    "type": "aws_route_table_association",
                    "depends_on": [
                        "aws_route_table.public",
                        "aws_subnet.public"
                    ],
                    "primary": {
                        "id": "rtbassoc-dc4869b4",
                        "attributes": {
                            "id": "rtbassoc-dc4869b4",
                            "route_table_id": "rtb-fdd95d95",
                            "subnet_id": "subnet-9bd24ff3"
                        },
                        "meta": {},
                        "tainted": false
                    },
                    "deposed": [],
                    "provider": ""
                },
                "aws_route_table_association.public.1": {
                    "type": "aws_route_table_association",
                    "depends_on": [
                        "aws_route_table.public",
                        "aws_subnet.public"
                    ],
                    "primary": {
                        "id": "rtbassoc-db4869b3",
                        "attributes": {
                            "id": "rtbassoc-db4869b3",
                            "route_table_id": "rtb-fdd95d95",
                            "subnet_id": "subnet-03e44279"
                        },
                        "meta": {},
                        "tainted": false
                    },
                    "deposed": [],
                    "provider": ""
                },
                "aws_security_group.admin_instance": {
                    "type": "aws_security_group",
                    "depends_on": [
                        "aws_vpc.main"
                    ],
                    "primary": {
                        "id": "sg-45fcf62d",
                        "attributes": {
                            "description": "Admin instances for the VPC",
                            "egress.#": "0",
                            "id": "sg-45fcf62d",
                            "ingress.#": "0",
                            "name": "integ-admin-instance",
                            "owner_id": "642745549043",
                            "tags.%": "5",
                            "tags.account_name": "jive-reco-pipeline",
                            "tags.name": "integ-admin-instance",
                            "tags.pipeline_phase": "integ",
                            "tags.region": "eu-central-1",
                            "tags.sla": "non-prod",
                            "vpc_id": "vpc-034c916b"
                        },
                        "meta": {},
                        "tainted": false
                    },
                    "deposed": [],
                    "provider": ""
                },
                "aws_security_group.env_instance": {
                    "type": "aws_security_group",
                    "depends_on": [
                        "aws_security_group.admin_instance",
                        "aws_vpc.main"
                    ],
                    "primary": {
                        "id": "sg-5bfcf633",
                        "attributes": {
                            "description": "All instances within the evironment",
                            "egress.#": "1",
                            "egress.482069346.cidr_blocks.#": "1",
                            "egress.482069346.cidr_blocks.0": "0.0.0.0/0",
                            "egress.482069346.from_port": "0",
                            "egress.482069346.ipv6_cidr_blocks.#": "0",
                            "egress.482069346.prefix_list_ids.#": "0",
                            "egress.482069346.protocol": "-1",
                            "egress.482069346.security_groups.#": "0",
                            "egress.482069346.self": "false",
                            "egress.482069346.to_port": "0",
                            "id": "sg-5bfcf633",
                            "ingress.#": "4",
                            "ingress.179083333.cidr_blocks.#": "1",
                            "ingress.179083333.cidr_blocks.0": "10.0.0.0/8",
                            "ingress.179083333.from_port": "22",
                            "ingress.179083333.ipv6_cidr_blocks.#": "0",
                            "ingress.179083333.protocol": "tcp",
                            "ingress.179083333.security_groups.#": "0",
                            "ingress.179083333.self": "false",
                            "ingress.179083333.to_port": "22",
                            "ingress.1936704957.cidr_blocks.#": "0",
                            "ingress.1936704957.from_port": "8",
                            "ingress.1936704957.ipv6_cidr_blocks.#": "0",
                            "ingress.1936704957.protocol": "icmp",
                            "ingress.1936704957.security_groups.#": "1",
                            "ingress.1936704957.security_groups.774179206": "sg-45fcf62d",
                            "ingress.1936704957.self": "false",
                            "ingress.1936704957.to_port": "0",
                            "ingress.3280021429.cidr_blocks.#": "1",
                            "ingress.3280021429.cidr_blocks.0": "10.0.0.0/8",
                            "ingress.3280021429.from_port": "8",
                            "ingress.3280021429.ipv6_cidr_blocks.#": "0",
                            "ingress.3280021429.protocol": "icmp",
                            "ingress.3280021429.security_groups.#": "0",
                            "ingress.3280021429.self": "false",
                            "ingress.3280021429.to_port": "0",
                            "ingress.3457882654.cidr_blocks.#": "0",
                            "ingress.3457882654.from_port": "22",
                            "ingress.3457882654.ipv6_cidr_blocks.#": "0",
                            "ingress.3457882654.protocol": "tcp",
                            "ingress.3457882654.security_groups.#": "1",
                            "ingress.3457882654.security_groups.774179206": "sg-45fcf62d",
                            "ingress.3457882654.self": "false",
                            "ingress.3457882654.to_port": "22",
                            "name": "integ-instance",
                            "owner_id": "642745549043",
                            "tags.%": "5",
                            "tags.account_name": "jive-reco-pipeline",
                            "tags.name": "integ-instance",
                            "tags.pipeline_phase": "integ",
                            "tags.region": "eu-central-1",
                            "tags.sla": "non-prod",
                            "vpc_id": "vpc-034c916b"
                        },
                        "meta": {},
                        "tainted": false
                    },
                    "deposed": [],
                    "provider": ""
                },
                "aws_security_group.natgw_instance": {
                    "type": "aws_security_group",
                    "depends_on": [
                        "aws_security_group.env_instance",
                        "aws_vpc.main"
                    ],
                    "primary": {
                        "id": "sg-5dfcf635",
                        "attributes": {
                            "description": "Members of this SG are allowed to send any type of traffic to the NAT Box.",
                            "egress.#": "0",
                            "id": "sg-5dfcf635",
                            "ingress.#": "1",
                            "ingress.836825056.cidr_blocks.#": "0",
                            "ingress.836825056.from_port": "0",
                            "ingress.836825056.ipv6_cidr_blocks.#": "0",
                            "ingress.836825056.protocol": "-1",
                            "ingress.836825056.security_groups.#": "1",
                            "ingress.836825056.security_groups.3907595063": "sg-5bfcf633",
                            "ingress.836825056.self": "false",
                            "ingress.836825056.to_port": "0",
                            "name": "integ-natgw-instance",
                            "owner_id": "642745549043",
                            "tags.%": "5",
                            "tags.account_name": "jive-reco-pipeline",
                            "tags.name": "integ-natgw-instance",
                            "tags.pipeline_phase": "integ",
                            "tags.region": "eu-central-1",
                            "tags.sla": "non-prod",
                            "vpc_id": "vpc-034c916b"
                        },
                        "meta": {},
                        "tainted": false
                    },
                    "deposed": [],
                    "provider": ""
                },
                "aws_subnet.natdc.0": {
                    "type": "aws_subnet",
                    "depends_on": [
                        "aws_vpc.main"
                    ],
                    "primary": {
                        "id": "subnet-87d24fef",
                        "attributes": {
                            "assign_ipv6_address_on_creation": "false",
                            "availability_zone": "eu-central-1a",
                            "cidr_block": "10.114.240.0/24",
                            "id": "subnet-87d24fef",
                            "map_public_ip_on_launch": "false",
                            "tags.%": "5",
                            "tags.Name": "integ-natdc-subnet",
                            "tags.account_name": "jive-reco-pipeline",
                            "tags.pipeline_phase": "integ",
                            "tags.region": "eu-central-1",
                            "tags.sla": "non-prod",
                            "vpc_id": "vpc-034c916b"
                        },
                        "meta": {},
                        "tainted": false
                    },
                    "deposed": [],
                    "provider": ""
                },
                "aws_subnet.natdc.1": {
                    "type": "aws_subnet",
                    "depends_on": [
                        "aws_vpc.main"
                    ],
                    "primary": {
                        "id": "subnet-06e4427c",
                        "attributes": {
                            "assign_ipv6_address_on_creation": "false",
                            "availability_zone": "eu-central-1b",
                            "cidr_block": "10.114.241.0/24",
                            "id": "subnet-06e4427c",
                            "map_public_ip_on_launch": "false",
                            "tags.%": "5",
                            "tags.Name": "integ-natdc-subnet",
                            "tags.account_name": "jive-reco-pipeline",
                            "tags.pipeline_phase": "integ",
                            "tags.region": "eu-central-1",
                            "tags.sla": "non-prod",
                            "vpc_id": "vpc-034c916b"
                        },
                        "meta": {},
                        "tainted": false
                    },
                    "deposed": [],
                    "provider": ""
                },
                "aws_subnet.private.0": {
                    "type": "aws_subnet",
                    "depends_on": [
                        "aws_vpc.main"
                    ],
                    "primary": {
                        "id": "subnet-99d24ff1",
                        "attributes": {
                            "assign_ipv6_address_on_creation": "false",
                            "availability_zone": "eu-central-1a",
                            "cidr_block": "10.114.243.96/27",
                            "id": "subnet-99d24ff1",
                            "map_public_ip_on_launch": "false",
                            "tags.%": "5",
                            "tags.Name": "integ-private-subnet",
                            "tags.account_name": "jive-reco-pipeline",
                            "tags.pipeline_phase": "integ",
                            "tags.region": "eu-central-1",
                            "tags.sla": "non-prod",
                            "vpc_id": "vpc-034c916b"
                        },
                        "meta": {},
                        "tainted": false
                    },
                    "deposed": [],
                    "provider": ""
                },
                "aws_subnet.private.1": {
                    "type": "aws_subnet",
                    "depends_on": [
                        "aws_vpc.main"
                    ],
                    "primary": {
                        "id": "subnet-04e4427e",
                        "attributes": {
                            "assign_ipv6_address_on_creation": "false",
                            "availability_zone": "eu-central-1b",
                            "cidr_block": "10.114.243.128/27",
                            "id": "subnet-04e4427e",
                            "map_public_ip_on_launch": "false",
                            "tags.%": "5",
                            "tags.Name": "integ-private-subnet",
                            "tags.account_name": "jive-reco-pipeline",
                            "tags.pipeline_phase": "integ",
                            "tags.region": "eu-central-1",
                            "tags.sla": "non-prod",
                            "vpc_id": "vpc-034c916b"
                        },
                        "meta": {},
                        "tainted": false
                    },
                    "deposed": [],
                    "provider": ""
                },
                "aws_subnet.public.0": {
                    "type": "aws_subnet",
                    "depends_on": [
                        "aws_vpc.main"
                    ],
                    "primary": {
                        "id": "subnet-9bd24ff3",
                        "attributes": {
                            "assign_ipv6_address_on_creation": "false",
                            "availability_zone": "eu-central-1a",
                            "cidr_block": "10.114.243.0/27",
                            "id": "subnet-9bd24ff3",
                            "map_public_ip_on_launch": "false",
                            "tags.%": "6",
                            "tags.KubernetesCluster": "eu-central-1_jive-reco-pipeline",
                            "tags.Name": "integ-public-subnet",
                            "tags.account_name": "jive-reco-pipeline",
                            "tags.pipeline_phase": "integ",
                            "tags.region": "eu-central-1",
                            "tags.sla": "non-prod",
                            "vpc_id": "vpc-034c916b"
                        },
                        "meta": {},
                        "tainted": false
                    },
                    "deposed": [],
                    "provider": ""
                },
                "aws_subnet.public.1": {
                    "type": "aws_subnet",
                    "depends_on": [
                        "aws_vpc.main"
                    ],
                    "primary": {
                        "id": "subnet-03e44279",
                        "attributes": {
                            "assign_ipv6_address_on_creation": "false",
                            "availability_zone": "eu-central-1b",
                            "cidr_block": "10.114.243.32/27",
                            "id": "subnet-03e44279",
                            "map_public_ip_on_launch": "false",
                            "tags.%": "6",
                            "tags.KubernetesCluster": "eu-central-1_jive-reco-pipeline",
                            "tags.Name": "integ-public-subnet",
                            "tags.account_name": "jive-reco-pipeline",
                            "tags.pipeline_phase": "integ",
                            "tags.region": "eu-central-1",
                            "tags.sla": "non-prod",
                            "vpc_id": "vpc-034c916b"
                        },
                        "meta": {},
                        "tainted": false
                    },
                    "deposed": [],
                    "provider": ""
                },
                "aws_vpc.main": {
                    "type": "aws_vpc",
                    "depends_on": [],
                    "primary": {
                        "id": "vpc-034c916b",
                        "attributes": {
                            "assign_generated_ipv6_cidr_block": "false",
                            "cidr_block": "10.114.240.0/22",
                            "default_network_acl_id": "acl-c0a718a8",
                            "default_route_table_id": "rtb-e3d95d8b",
                            "default_security_group_id": "sg-4ffcf627",
                            "dhcp_options_id": "dopt-7fb52216",
                            "enable_dns_hostnames": "true",
                            "enable_dns_support": "true",
                            "id": "vpc-034c916b",
                            "instance_tenancy": "default",
                            "main_route_table_id": "rtb-e3d95d8b",
                            "tags.%": "5",
                            "tags.Name": "integ-vpc",
                            "tags.account_name": "jive-reco-pipeline",
                            "tags.pipeline_phase": "integ",
                            "tags.region": "eu-central-1",
                            "tags.sla": "non-prod"
                        },
                        "meta": {
                            "schema_version": "1"
                        },
                        "tainted": false
                    },
                    "deposed": [],
                    "provider": ""
                },
                "aws_vpc_peering_connection.infra": {
                    "type": "aws_vpc_peering_connection",
                    "depends_on": [
                        "aws_vpc.main"
                    ],
                    "primary": {
                        "id": "pcx-b66bb2df",
                        "attributes": {
                            "accept_status": "active",
                            "accepter.#": "1",
                            "accepter.3244290774.allow_classic_link_to_remote_vpc": "false",
                            "accepter.3244290774.allow_remote_vpc_dns_resolution": "false",
                            "accepter.3244290774.allow_vpc_to_remote_classic_link": "false",
                            "auto_accept": "true",
                            "id": "pcx-b66bb2df",
                            "peer_owner_id": "642745549043",
                            "peer_vpc_id": "vpc-1a64b772",
                            "requester.#": "1",
                            "requester.3244290774.allow_classic_link_to_remote_vpc": "false",
                            "requester.3244290774.allow_remote_vpc_dns_resolution": "false",
                            "requester.3244290774.allow_vpc_to_remote_classic_link": "false",
                            "tags.%": "5",
                            "tags.Name": "integ_to_infra-jive-reco-pipeline",
                            "tags.account_name": "jive-reco-pipeline",
                            "tags.pipeline_phase": "integ",
                            "tags.region": "eu-central-1",
                            "tags.sla": "non-prod",
                            "vpc_id": "vpc-034c916b"
                        },
                        "meta": {},
                        "tainted": false
                    },
                    "deposed": [],
                    "provider": ""
                },
                "aws_vpn_connection.main": {
                    "type": "aws_vpn_connection",
                    "depends_on": [
                        "aws_vpn_gateway.vgw"
                    ],
                    "primary": {
                        "id": "vpn-42d2352b",
                        "attributes": {
                            "customer_gateway_configuration": "\u003c?xml version=\"1.0\" encoding=\"UTF-8\"?\u003e\n\u003cvpn_connection id=\"vpn-42d2352b\"\u003e\n  \u003ccustomer_gateway_id\u003ecgw-8af678ba\u003c/customer_gateway_id\u003e\n  \u003cvpn_gateway_id\u003evgw-b2b03f82\u003c/vpn_gateway_id\u003e\n  \u003cvpn_connection_type\u003eipsec.1\u003c/vpn_connection_type\u003e\n  \u003cipsec_tunnel\u003e\n    \u003ccustomer_gateway\u003e\n      \u003ctunnel_outside_address\u003e\n        \u003cip_address\u003e204.93.80.68\u003c/ip_address\u003e\n      \u003c/tunnel_outside_address\u003e\n      \u003ctunnel_inside_address\u003e\n        \u003cip_address\u003e169.254.40.222\u003c/ip_address\u003e\n        \u003cnetwork_mask\u003e255.255.255.252\u003c/network_mask\u003e\n        \u003cnetwork_cidr\u003e30\u003c/network_cidr\u003e\n      \u003c/tunnel_inside_address\u003e\n      \u003cbgp\u003e\n        \u003casn\u003e13364\u003c/asn\u003e\n        \u003chold_time\u003e30\u003c/hold_time\u003e\n      \u003c/bgp\u003e\n    \u003c/customer_gateway\u003e\n    \u003cvpn_gateway\u003e\n      \u003ctunnel_outside_address\u003e\n        \u003cip_address\u003e35.156.63.245\u003c/ip_address\u003e\n      \u003c/tunnel_outside_address\u003e\n      \u003ctunnel_inside_address\u003e\n        \u003cip_address\u003e169.254.40.221\u003c/ip_address\u003e\n        \u003cnetwork_mask\u003e255.255.255.252\u003c/network_mask\u003e\n        \u003cnetwork_cidr\u003e30\u003c/network_cidr\u003e\n      \u003c/tunnel_inside_address\u003e\n      \u003cbgp\u003e\n        \u003casn\u003e7224\u003c/asn\u003e\n        \u003chold_time\u003e30\u003c/hold_time\u003e\n      \u003c/bgp\u003e\n    \u003c/vpn_gateway\u003e\n    \u003cike\u003e\n      \u003cauthentication_protocol\u003esha1\u003c/authentication_protocol\u003e\n      \u003cencryption_protocol\u003eaes-128-cbc\u003c/encryption_protocol\u003e\n      \u003clifetime\u003e28800\u003c/lifetime\u003e\n      \u003cperfect_forward_secrecy\u003egroup2\u003c/perfect_forward_secrecy\u003e\n      \u003cmode\u003emain\u003c/mode\u003e\n      \u003cpre_shared_key\u003e8hmecHy0bqTZa.HL30QuIYl8nj_qpiPE\u003c/pre_shared_key\u003e\n    \u003c/ike\u003e\n    \u003cipsec\u003e\n      \u003cprotocol\u003eesp\u003c/protocol\u003e\n      \u003cauthentication_protocol\u003ehmac-sha1-96\u003c/authentication_protocol\u003e\n      \u003cencryption_protocol\u003eaes-128-cbc\u003c/encryption_protocol\u003e\n      \u003clifetime\u003e3600\u003c/lifetime\u003e\n      \u003cperfect_forward_secrecy\u003egroup2\u003c/perfect_forward_secrecy\u003e\n      \u003cmode\u003etunnel\u003c/mode\u003e\n      \u003cclear_df_bit\u003etrue\u003c/clear_df_bit\u003e\n      \u003cfragmentation_before_encryption\u003etrue\u003c/fragmentation_before_encryption\u003e\n      \u003ctcp_mss_adjustment\u003e1379\u003c/tcp_mss_adjustment\u003e\n      \u003cdead_peer_detection\u003e\n        \u003cinterval\u003e10\u003c/interval\u003e\n        \u003cretries\u003e3\u003c/retries\u003e\n      \u003c/dead_peer_detection\u003e\n    \u003c/ipsec\u003e\n  \u003c/ipsec_tunnel\u003e\n  \u003cipsec_tunnel\u003e\n    \u003ccustomer_gateway\u003e\n      \u003ctunnel_outside_address\u003e\n        \u003cip_address\u003e204.93.80.68\u003c/ip_address\u003e\n      \u003c/tunnel_outside_address\u003e\n      \u003ctunnel_inside_address\u003e\n        \u003cip_address\u003e169.254.43.162\u003c/ip_address\u003e\n        \u003cnetwork_mask\u003e255.255.255.252\u003c/network_mask\u003e\n        \u003cnetwork_cidr\u003e30\u003c/network_cidr\u003e\n      \u003c/tunnel_inside_address\u003e\n      \u003cbgp\u003e\n        \u003casn\u003e13364\u003c/asn\u003e\n        \u003chold_time\u003e30\u003c/hold_time\u003e\n      \u003c/bgp\u003e\n    \u003c/customer_gateway\u003e\n    \u003cvpn_gateway\u003e\n      \u003ctunnel_outside_address\u003e\n        \u003cip_address\u003e52.29.125.118\u003c/ip_address\u003e\n      \u003c/tunnel_outside_address\u003e\n      \u003ctunnel_inside_address\u003e\n        \u003cip_address\u003e169.254.43.161\u003c/ip_address\u003e\n        \u003cnetwork_mask\u003e255.255.255.252\u003c/network_mask\u003e\n        \u003cnetwork_cidr\u003e30\u003c/network_cidr\u003e\n      \u003c/tunnel_inside_address\u003e\n      \u003cbgp\u003e\n        \u003casn\u003e7224\u003c/asn\u003e\n        \u003chold_time\u003e30\u003c/hold_time\u003e\n      \u003c/bgp\u003e\n    \u003c/vpn_gateway\u003e\n    \u003cike\u003e\n      \u003cauthentication_protocol\u003esha1\u003c/authentication_protocol\u003e\n      \u003cencryption_protocol\u003eaes-128-cbc\u003c/encryption_protocol\u003e\n      \u003clifetime\u003e28800\u003c/lifetime\u003e\n      \u003cperfect_forward_secrecy\u003egroup2\u003c/perfect_forward_secrecy\u003e\n      \u003cmode\u003emain\u003c/mode\u003e\n      \u003cpre_shared_key\u003eSiLZncsFZ50NTwwxRWzN6AOxJM1yECKS\u003c/pre_shared_key\u003e\n    \u003c/ike\u003e\n    \u003cipsec\u003e\n      \u003cprotocol\u003eesp\u003c/protocol\u003e\n      \u003cauthentication_protocol\u003ehmac-sha1-96\u003c/authentication_protocol\u003e\n      \u003cencryption_protocol\u003eaes-128-cbc\u003c/encryption_protocol\u003e\n      \u003clifetime\u003e3600\u003c/lifetime\u003e\n      \u003cperfect_forward_secrecy\u003egroup2\u003c/perfect_forward_secrecy\u003e\n      \u003cmode\u003etunnel\u003c/mode\u003e\n      \u003cclear_df_bit\u003etrue\u003c/clear_df_bit\u003e\n      \u003cfragmentation_before_encryption\u003etrue\u003c/fragmentation_before_encryption\u003e\n      \u003ctcp_mss_adjustment\u003e1379\u003c/tcp_mss_adjustment\u003e\n      \u003cdead_peer_detection\u003e\n        \u003cinterval\u003e10\u003c/interval\u003e\n        \u003cretries\u003e3\u003c/retries\u003e\n      \u003c/dead_peer_detection\u003e\n    \u003c/ipsec\u003e\n  \u003c/ipsec_tunnel\u003e\n\u003c/vpn_connection\u003e\n",
                            "customer_gateway_id": "cgw-8af678ba",
                            "id": "vpn-42d2352b",
                            "routes.#": "0",
                            "static_routes_only": "false",
                            "tags.%": "5",
                            "tags.Name": "integ-jive-vpn",
                            "tags.account_name": "jive-reco-pipeline",
                            "tags.pipeline_phase": "integ",
                            "tags.region": "eu-central-1",
                            "tags.sla": "non-prod",
                            "tunnel1_address": "35.156.63.245",
                            "tunnel1_preshared_key": "8hmecHy0bqTZa.HL30QuIYl8nj_qpiPE",
                            "tunnel2_address": "52.29.125.118",
                            "tunnel2_preshared_key": "SiLZncsFZ50NTwwxRWzN6AOxJM1yECKS",
                            "type": "ipsec.1",
                            "vgw_telemetry.#": "2",
                            "vgw_telemetry.2461125957.accepted_route_count": "0",
                            "vgw_telemetry.2461125957.last_status_change": "2017-05-12 20:42:20 +0000 UTC",
                            "vgw_telemetry.2461125957.outside_ip_address": "35.156.63.245",
                            "vgw_telemetry.2461125957.status": "DOWN",
                            "vgw_telemetry.2461125957.status_message": "IPSEC IS DOWN",
                            "vgw_telemetry.2778403212.accepted_route_count": "0",
                            "vgw_telemetry.2778403212.last_status_change": "2017-05-12 20:42:14 +0000 UTC",
                            "vgw_telemetry.2778403212.outside_ip_address": "52.29.125.118",
                            "vgw_telemetry.2778403212.status": "DOWN",
                            "vgw_telemetry.2778403212.status_message": "IPSEC IS DOWN",
                            "vpn_gateway_id": "vgw-b2b03f82"
                        },
                        "meta": {},
                        "tainted": false
                    },
                    "deposed": [],
                    "provider": ""
                },
                "aws_vpn_gateway.vgw": {
                    "type": "aws_vpn_gateway",
                    "depends_on": [
                        "aws_vpc.main"
                    ],
                    "primary": {
                        "id": "vgw-b2b03f82",
                        "attributes": {
                            "id": "vgw-b2b03f82",
                            "tags.%": "7",
                            "tags.Name": "integ-vgw",
                            "tags.account_name": "jive-reco-pipeline",
                            "tags.jive_service": "infrastructure",
                            "tags.pipeline_phase": "integ",
                            "tags.region": "eu-central-1",
                            "tags.service_component": "vpn_gateway",
                            "tags.sla": "non-prod",
                            "vpc_id": "vpc-034c916b"
                        },
                        "meta": {},
                        "tainted": false
                    },
                    "deposed": [],
                    "provider": ""
                }
            },
            "depends_on": []
        }
    ]
}
