{
    "version": 3,
    "terraform_version": "0.7.13",
    "serial": 4,
    "lineage": "78042bff-c5ab-423e-95c7-1af42c0eefa7",
    "modules": [
        {
            "path": [
                "root"
            ],
            "outputs": {},
            "resources": {
                "aws_ebs_volume.upena_data_i1_v0": {
                    "type": "aws_ebs_volume",
                    "depends_on": [],
                    "primary": {
                        "id": "vol-081c8fd4673c86327",
                        "attributes": {
                            "availability_zone": "us-west-2a",
                            "encrypted": "true",
                            "id": "vol-081c8fd4673c86327",
                            "kms_key_id": "arn:aws:kms:us-west-2:870846026232:key/1ac4e3ea-b4c1-44b7-af4d-79aeb740a0c4",
                            "size": "500",
                            "snapshot_id": "",
                            "tags.%": "7",
                            "tags.Account_name": "jive-reco-prod",
                            "tags.Jive_service": "upena",
                            "tags.Name": "prod-upena-data-i1-v0",
                            "tags.Pipeline_phase": "prod",
                            "tags.Region": "us-west-2",
                            "tags.SLA": "prod",
                            "tags.Service_component": "upena-data",
                            "type": "st1"
                        },
                        "meta": {},
                        "tainted": false
                    },
                    "deposed": [],
                    "provider": ""
                },
                "aws_ebs_volume.upena_data_i1_v1": {
                    "type": "aws_ebs_volume",
                    "depends_on": [],
                    "primary": {
                        "id": "vol-0243d5e25900cf844",
                        "attributes": {
                            "availability_zone": "us-west-2a",
                            "encrypted": "true",
                            "id": "vol-0243d5e25900cf844",
                            "kms_key_id": "arn:aws:kms:us-west-2:870846026232:key/1ac4e3ea-b4c1-44b7-af4d-79aeb740a0c4",
                            "size": "2000",
                            "snapshot_id": "",
                            "tags.%": "7",
                            "tags.Account_name": "jive-reco-prod",
                            "tags.Jive_service": "upena",
                            "tags.Name": "prod-upena-data-i1-v1",
                            "tags.Pipeline_phase": "prod",
                            "tags.Region": "us-west-2",
                            "tags.SLA": "prod",
                            "tags.Service_component": "upena-data",
                            "type": "st1"
                        },
                        "meta": {},
                        "tainted": false
                    },
                    "deposed": [],
                    "provider": ""
                },
                "aws_ebs_volume.upena_data_i1_v2": {
                    "type": "aws_ebs_volume",
                    "depends_on": [],
                    "primary": {
                        "id": "vol-098d704f572cdaed8",
                        "attributes": {
                            "availability_zone": "us-west-2a",
                            "encrypted": "true",
                            "id": "vol-098d704f572cdaed8",
                            "kms_key_id": "arn:aws:kms:us-west-2:870846026232:key/1ac4e3ea-b4c1-44b7-af4d-79aeb740a0c4",
                            "size": "2000",
                            "snapshot_id": "",
                            "tags.%": "7",
                            "tags.Account_name": "jive-reco-prod",
                            "tags.Jive_service": "upena",
                            "tags.Name": "prod-upena-data-i1-v2",
                            "tags.Pipeline_phase": "prod",
                            "tags.Region": "us-west-2",
                            "tags.SLA": "prod",
                            "tags.Service_component": "upena-data",
                            "type": "st1"
                        },
                        "meta": {},
                        "tainted": false
                    },
                    "deposed": [],
                    "provider": ""
                },
                "aws_ebs_volume.upena_data_i1_v3": {
                    "type": "aws_ebs_volume",
                    "depends_on": [],
                    "primary": {
                        "id": "vol-03fd30af8d391ff43",
                        "attributes": {
                            "availability_zone": "us-west-2a",
                            "encrypted": "true",
                            "id": "vol-03fd30af8d391ff43",
                            "kms_key_id": "arn:aws:kms:us-west-2:870846026232:key/1ac4e3ea-b4c1-44b7-af4d-79aeb740a0c4",
                            "size": "2000",
                            "snapshot_id": "",
                            "tags.%": "7",
                            "tags.Account_name": "jive-reco-prod",
                            "tags.Jive_service": "upena",
                            "tags.Name": "prod-upena-data-i1-v3",
                            "tags.Pipeline_phase": "prod",
                            "tags.Region": "us-west-2",
                            "tags.SLA": "prod",
                            "tags.Service_component": "upena-data",
                            "type": "st1"
                        },
                        "meta": {},
                        "tainted": false
                    },
                    "deposed": [],
                    "provider": ""
                },
                "aws_ebs_volume.upena_data_i2_v0": {
                    "type": "aws_ebs_volume",
                    "depends_on": [],
                    "primary": {
                        "id": "vol-030ea7d508272b006",
                        "attributes": {
                            "availability_zone": "us-west-2b",
                            "encrypted": "true",
                            "id": "vol-030ea7d508272b006",
                            "kms_key_id": "arn:aws:kms:us-west-2:870846026232:key/1ac4e3ea-b4c1-44b7-af4d-79aeb740a0c4",
                            "size": "500",
                            "snapshot_id": "",
                            "tags.%": "7",
                            "tags.Account_name": "jive-reco-prod",
                            "tags.Jive_service": "upena",
                            "tags.Name": "prod-upena-data-i2-v0",
                            "tags.Pipeline_phase": "prod",
                            "tags.Region": "us-west-2",
                            "tags.SLA": "prod",
                            "tags.Service_component": "upena-data",
                            "type": "st1"
                        },
                        "meta": {},
                        "tainted": false
                    },
                    "deposed": [],
                    "provider": ""
                },
                "aws_ebs_volume.upena_data_i2_v1": {
                    "type": "aws_ebs_volume",
                    "depends_on": [],
                    "primary": {
                        "id": "vol-0de8fbf554a003677",
                        "attributes": {
                            "availability_zone": "us-west-2b",
                            "encrypted": "true",
                            "id": "vol-0de8fbf554a003677",
                            "kms_key_id": "arn:aws:kms:us-west-2:870846026232:key/1ac4e3ea-b4c1-44b7-af4d-79aeb740a0c4",
                            "size": "2000",
                            "snapshot_id": "",
                            "tags.%": "7",
                            "tags.Account_name": "jive-reco-prod",
                            "tags.Jive_service": "upena",
                            "tags.Name": "prod-upena-data-i2-v1",
                            "tags.Pipeline_phase": "prod",
                            "tags.Region": "us-west-2",
                            "tags.SLA": "prod",
                            "tags.Service_component": "upena-data",
                            "type": "st1"
                        },
                        "meta": {},
                        "tainted": false
                    },
                    "deposed": [],
                    "provider": ""
                },
                "aws_ebs_volume.upena_data_i2_v2": {
                    "type": "aws_ebs_volume",
                    "depends_on": [],
                    "primary": {
                        "id": "vol-0b6b3c2a22ad27dff",
                        "attributes": {
                            "availability_zone": "us-west-2b",
                            "encrypted": "true",
                            "id": "vol-0b6b3c2a22ad27dff",
                            "kms_key_id": "arn:aws:kms:us-west-2:870846026232:key/1ac4e3ea-b4c1-44b7-af4d-79aeb740a0c4",
                            "size": "2000",
                            "snapshot_id": "",
                            "tags.%": "7",
                            "tags.Account_name": "jive-reco-prod",
                            "tags.Jive_service": "upena",
                            "tags.Name": "prod-upena-data-i2-v2",
                            "tags.Pipeline_phase": "prod",
                            "tags.Region": "us-west-2",
                            "tags.SLA": "prod",
                            "tags.Service_component": "upena-data",
                            "type": "st1"
                        },
                        "meta": {},
                        "tainted": false
                    },
                    "deposed": [],
                    "provider": ""
                },
                "aws_ebs_volume.upena_data_i2_v3": {
                    "type": "aws_ebs_volume",
                    "depends_on": [],
                    "primary": {
                        "id": "vol-094c1561e4f0ec72d",
                        "attributes": {
                            "availability_zone": "us-west-2b",
                            "encrypted": "true",
                            "id": "vol-094c1561e4f0ec72d",
                            "kms_key_id": "arn:aws:kms:us-west-2:870846026232:key/1ac4e3ea-b4c1-44b7-af4d-79aeb740a0c4",
                            "size": "2000",
                            "snapshot_id": "",
                            "tags.%": "7",
                            "tags.Account_name": "jive-reco-prod",
                            "tags.Jive_service": "upena",
                            "tags.Name": "prod-upena-data-i2-v3",
                            "tags.Pipeline_phase": "prod",
                            "tags.Region": "us-west-2",
                            "tags.SLA": "prod",
                            "tags.Service_component": "upena-data",
                            "type": "st1"
                        },
                        "meta": {},
                        "tainted": false
                    },
                    "deposed": [],
                    "provider": ""
                },
                "aws_ebs_volume.upena_data_i3_v0": {
                    "type": "aws_ebs_volume",
                    "depends_on": [],
                    "primary": {
                        "id": "vol-0076d64bf8bb41577",
                        "attributes": {
                            "availability_zone": "us-west-2c",
                            "encrypted": "true",
                            "id": "vol-0076d64bf8bb41577",
                            "kms_key_id": "arn:aws:kms:us-west-2:870846026232:key/1ac4e3ea-b4c1-44b7-af4d-79aeb740a0c4",
                            "size": "500",
                            "snapshot_id": "",
                            "tags.%": "7",
                            "tags.Account_name": "jive-reco-prod",
                            "tags.Jive_service": "upena",
                            "tags.Name": "prod-upena-data-i3-v0",
                            "tags.Pipeline_phase": "prod",
                            "tags.Region": "us-west-2",
                            "tags.SLA": "prod",
                            "tags.Service_component": "upena-data",
                            "type": "st1"
                        },
                        "meta": {},
                        "tainted": false
                    },
                    "deposed": [],
                    "provider": ""
                },
                "aws_ebs_volume.upena_data_i3_v1": {
                    "type": "aws_ebs_volume",
                    "depends_on": [],
                    "primary": {
                        "id": "vol-01cfad3e312599950",
                        "attributes": {
                            "availability_zone": "us-west-2c",
                            "encrypted": "true",
                            "id": "vol-01cfad3e312599950",
                            "kms_key_id": "arn:aws:kms:us-west-2:870846026232:key/1ac4e3ea-b4c1-44b7-af4d-79aeb740a0c4",
                            "size": "2000",
                            "snapshot_id": "",
                            "tags.%": "7",
                            "tags.Account_name": "jive-reco-prod",
                            "tags.Jive_service": "upena",
                            "tags.Name": "prod-upena-data-i3-v1",
                            "tags.Pipeline_phase": "prod",
                            "tags.Region": "us-west-2",
                            "tags.SLA": "prod",
                            "tags.Service_component": "upena-data",
                            "type": "st1"
                        },
                        "meta": {},
                        "tainted": false
                    },
                    "deposed": [],
                    "provider": ""
                },
                "aws_ebs_volume.upena_data_i3_v2": {
                    "type": "aws_ebs_volume",
                    "depends_on": [],
                    "primary": {
                        "id": "vol-09b55b0589481a555",
                        "attributes": {
                            "availability_zone": "us-west-2c",
                            "encrypted": "true",
                            "id": "vol-09b55b0589481a555",
                            "kms_key_id": "arn:aws:kms:us-west-2:870846026232:key/1ac4e3ea-b4c1-44b7-af4d-79aeb740a0c4",
                            "size": "2000",
                            "snapshot_id": "",
                            "tags.%": "7",
                            "tags.Account_name": "jive-reco-prod",
                            "tags.Jive_service": "upena",
                            "tags.Name": "prod-upena-data-i3-v2",
                            "tags.Pipeline_phase": "prod",
                            "tags.Region": "us-west-2",
                            "tags.SLA": "prod",
                            "tags.Service_component": "upena-data",
                            "type": "st1"
                        },
                        "meta": {},
                        "tainted": false
                    },
                    "deposed": [],
                    "provider": ""
                },
                "aws_ebs_volume.upena_data_i3_v3": {
                    "type": "aws_ebs_volume",
                    "depends_on": [],
                    "primary": {
                        "id": "vol-0306f5c2ed5f03a89",
                        "attributes": {
                            "availability_zone": "us-west-2c",
                            "encrypted": "true",
                            "id": "vol-0306f5c2ed5f03a89",
                            "kms_key_id": "arn:aws:kms:us-west-2:870846026232:key/1ac4e3ea-b4c1-44b7-af4d-79aeb740a0c4",
                            "size": "2000",
                            "snapshot_id": "",
                            "tags.%": "7",
                            "tags.Account_name": "jive-reco-prod",
                            "tags.Jive_service": "upena",
                            "tags.Name": "prod-upena-data-i3-v3",
                            "tags.Pipeline_phase": "prod",
                            "tags.Region": "us-west-2",
                            "tags.SLA": "prod",
                            "tags.Service_component": "upena-data",
                            "type": "st1"
                        },
                        "meta": {},
                        "tainted": false
                    },
                    "deposed": [],
                    "provider": ""
                },
                "aws_ebs_volume.upena_data_i4_v0": {
                    "type": "aws_ebs_volume",
                    "depends_on": [],
                    "primary": {
                        "id": "vol-017e5d11e58815978",
                        "attributes": {
                            "availability_zone": "us-west-2a",
                            "encrypted": "true",
                            "id": "vol-017e5d11e58815978",
                            "kms_key_id": "arn:aws:kms:us-west-2:870846026232:key/1ac4e3ea-b4c1-44b7-af4d-79aeb740a0c4",
                            "size": "500",
                            "snapshot_id": "",
                            "tags.%": "7",
                            "tags.Account_name": "jive-reco-prod",
                            "tags.Jive_service": "upena",
                            "tags.Name": "prod-upena-data-i4-v0",
                            "tags.Pipeline_phase": "prod",
                            "tags.Region": "us-west-2",
                            "tags.SLA": "prod",
                            "tags.Service_component": "upena-data",
                            "type": "st1"
                        },
                        "meta": {},
                        "tainted": false
                    },
                    "deposed": [],
                    "provider": ""
                },
                "aws_ebs_volume.upena_data_i4_v1": {
                    "type": "aws_ebs_volume",
                    "depends_on": [],
                    "primary": {
                        "id": "vol-0b7e06cd1700d37cf",
                        "attributes": {
                            "availability_zone": "us-west-2a",
                            "encrypted": "true",
                            "id": "vol-0b7e06cd1700d37cf",
                            "kms_key_id": "arn:aws:kms:us-west-2:870846026232:key/1ac4e3ea-b4c1-44b7-af4d-79aeb740a0c4",
                            "size": "2000",
                            "snapshot_id": "",
                            "tags.%": "7",
                            "tags.Account_name": "jive-reco-prod",
                            "tags.Jive_service": "upena",
                            "tags.Name": "prod-upena-data-i4-v1",
                            "tags.Pipeline_phase": "prod",
                            "tags.Region": "us-west-2",
                            "tags.SLA": "prod",
                            "tags.Service_component": "upena-data",
                            "type": "st1"
                        },
                        "meta": {},
                        "tainted": false
                    },
                    "deposed": [],
                    "provider": ""
                },
                "aws_ebs_volume.upena_data_i4_v2": {
                    "type": "aws_ebs_volume",
                    "depends_on": [],
                    "primary": {
                        "id": "vol-080917f74463d86bd",
                        "attributes": {
                            "availability_zone": "us-west-2a",
                            "encrypted": "true",
                            "id": "vol-080917f74463d86bd",
                            "kms_key_id": "arn:aws:kms:us-west-2:870846026232:key/1ac4e3ea-b4c1-44b7-af4d-79aeb740a0c4",
                            "size": "2000",
                            "snapshot_id": "",
                            "tags.%": "7",
                            "tags.Account_name": "jive-reco-prod",
                            "tags.Jive_service": "upena",
                            "tags.Name": "prod-upena-data-i4-v2",
                            "tags.Pipeline_phase": "prod",
                            "tags.Region": "us-west-2",
                            "tags.SLA": "prod",
                            "tags.Service_component": "upena-data",
                            "type": "st1"
                        },
                        "meta": {},
                        "tainted": false
                    },
                    "deposed": [],
                    "provider": ""
                },
                "aws_ebs_volume.upena_data_i4_v3": {
                    "type": "aws_ebs_volume",
                    "depends_on": [],
                    "primary": {
                        "id": "vol-0abe2d7208e7e774c",
                        "attributes": {
                            "availability_zone": "us-west-2a",
                            "encrypted": "true",
                            "id": "vol-0abe2d7208e7e774c",
                            "kms_key_id": "arn:aws:kms:us-west-2:870846026232:key/1ac4e3ea-b4c1-44b7-af4d-79aeb740a0c4",
                            "size": "2000",
                            "snapshot_id": "",
                            "tags.%": "7",
                            "tags.Account_name": "jive-reco-prod",
                            "tags.Jive_service": "upena",
                            "tags.Name": "prod-upena-data-i4-v3",
                            "tags.Pipeline_phase": "prod",
                            "tags.Region": "us-west-2",
                            "tags.SLA": "prod",
                            "tags.Service_component": "upena-data",
                            "type": "st1"
                        },
                        "meta": {},
                        "tainted": false
                    },
                    "deposed": [],
                    "provider": ""
                },
                "aws_ebs_volume.upena_data_i5_v0": {
                    "type": "aws_ebs_volume",
                    "depends_on": [],
                    "primary": {
                        "id": "vol-012357102ab8140d6",
                        "attributes": {
                            "availability_zone": "us-west-2b",
                            "encrypted": "true",
                            "id": "vol-012357102ab8140d6",
                            "kms_key_id": "arn:aws:kms:us-west-2:870846026232:key/1ac4e3ea-b4c1-44b7-af4d-79aeb740a0c4",
                            "size": "500",
                            "snapshot_id": "",
                            "tags.%": "7",
                            "tags.Account_name": "jive-reco-prod",
                            "tags.Jive_service": "upena",
                            "tags.Name": "prod-upena-data-i5-v0",
                            "tags.Pipeline_phase": "prod",
                            "tags.Region": "us-west-2",
                            "tags.SLA": "prod",
                            "tags.Service_component": "upena-data",
                            "type": "st1"
                        },
                        "meta": {},
                        "tainted": false
                    },
                    "deposed": [],
                    "provider": ""
                },
                "aws_ebs_volume.upena_data_i5_v1": {
                    "type": "aws_ebs_volume",
                    "depends_on": [],
                    "primary": {
                        "id": "vol-0970b474aa31fec95",
                        "attributes": {
                            "availability_zone": "us-west-2b",
                            "encrypted": "true",
                            "id": "vol-0970b474aa31fec95",
                            "kms_key_id": "arn:aws:kms:us-west-2:870846026232:key/1ac4e3ea-b4c1-44b7-af4d-79aeb740a0c4",
                            "size": "2000",
                            "snapshot_id": "",
                            "tags.%": "7",
                            "tags.Account_name": "jive-reco-prod",
                            "tags.Jive_service": "upena",
                            "tags.Name": "prod-upena-data-i5-v1",
                            "tags.Pipeline_phase": "prod",
                            "tags.Region": "us-west-2",
                            "tags.SLA": "prod",
                            "tags.Service_component": "upena-data",
                            "type": "st1"
                        },
                        "meta": {},
                        "tainted": false
                    },
                    "deposed": [],
                    "provider": ""
                },
                "aws_ebs_volume.upena_data_i5_v2": {
                    "type": "aws_ebs_volume",
                    "depends_on": [],
                    "primary": {
                        "id": "vol-0cdec3ab740b07b39",
                        "attributes": {
                            "availability_zone": "us-west-2b",
                            "encrypted": "true",
                            "id": "vol-0cdec3ab740b07b39",
                            "kms_key_id": "arn:aws:kms:us-west-2:870846026232:key/1ac4e3ea-b4c1-44b7-af4d-79aeb740a0c4",
                            "size": "2000",
                            "snapshot_id": "",
                            "tags.%": "7",
                            "tags.Account_name": "jive-reco-prod",
                            "tags.Jive_service": "upena",
                            "tags.Name": "prod-upena-data-i5-v2",
                            "tags.Pipeline_phase": "prod",
                            "tags.Region": "us-west-2",
                            "tags.SLA": "prod",
                            "tags.Service_component": "upena-data",
                            "type": "st1"
                        },
                        "meta": {},
                        "tainted": false
                    },
                    "deposed": [],
                    "provider": ""
                },
                "aws_ebs_volume.upena_data_i5_v3": {
                    "type": "aws_ebs_volume",
                    "depends_on": [],
                    "primary": {
                        "id": "vol-091e4e2959de68449",
                        "attributes": {
                            "availability_zone": "us-west-2b",
                            "encrypted": "true",
                            "id": "vol-091e4e2959de68449",
                            "kms_key_id": "arn:aws:kms:us-west-2:870846026232:key/1ac4e3ea-b4c1-44b7-af4d-79aeb740a0c4",
                            "size": "2000",
                            "snapshot_id": "",
                            "tags.%": "7",
                            "tags.Account_name": "jive-reco-prod",
                            "tags.Jive_service": "upena",
                            "tags.Name": "prod-upena-data-i5-v3",
                            "tags.Pipeline_phase": "prod",
                            "tags.Region": "us-west-2",
                            "tags.SLA": "prod",
                            "tags.Service_component": "upena-data",
                            "type": "st1"
                        },
                        "meta": {},
                        "tainted": false
                    },
                    "deposed": [],
                    "provider": ""
                },
                "aws_ebs_volume.upena_data_i6_v0": {
                    "type": "aws_ebs_volume",
                    "depends_on": [],
                    "primary": {
                        "id": "vol-0fb3e564fa65422ce",
                        "attributes": {
                            "availability_zone": "us-west-2c",
                            "encrypted": "true",
                            "id": "vol-0fb3e564fa65422ce",
                            "kms_key_id": "arn:aws:kms:us-west-2:870846026232:key/1ac4e3ea-b4c1-44b7-af4d-79aeb740a0c4",
                            "size": "500",
                            "snapshot_id": "",
                            "tags.%": "7",
                            "tags.Account_name": "jive-reco-prod",
                            "tags.Jive_service": "upena",
                            "tags.Name": "prod-upena-data-i6-v0",
                            "tags.Pipeline_phase": "prod",
                            "tags.Region": "us-west-2",
                            "tags.SLA": "prod",
                            "tags.Service_component": "upena-data",
                            "type": "st1"
                        },
                        "meta": {},
                        "tainted": false
                    },
                    "deposed": [],
                    "provider": ""
                },
                "aws_ebs_volume.upena_data_i6_v1": {
                    "type": "aws_ebs_volume",
                    "depends_on": [],
                    "primary": {
                        "id": "vol-0b8d35fee210c398b",
                        "attributes": {
                            "availability_zone": "us-west-2c",
                            "encrypted": "true",
                            "id": "vol-0b8d35fee210c398b",
                            "kms_key_id": "arn:aws:kms:us-west-2:870846026232:key/1ac4e3ea-b4c1-44b7-af4d-79aeb740a0c4",
                            "size": "2000",
                            "snapshot_id": "",
                            "tags.%": "7",
                            "tags.Account_name": "jive-reco-prod",
                            "tags.Jive_service": "upena",
                            "tags.Name": "prod-upena-data-i6-v1",
                            "tags.Pipeline_phase": "prod",
                            "tags.Region": "us-west-2",
                            "tags.SLA": "prod",
                            "tags.Service_component": "upena-data",
                            "type": "st1"
                        },
                        "meta": {},
                        "tainted": false
                    },
                    "deposed": [],
                    "provider": ""
                },
                "aws_ebs_volume.upena_data_i6_v2": {
                    "type": "aws_ebs_volume",
                    "depends_on": [],
                    "primary": {
                        "id": "vol-00daa446d9475d7f0",
                        "attributes": {
                            "availability_zone": "us-west-2c",
                            "encrypted": "true",
                            "id": "vol-00daa446d9475d7f0",
                            "kms_key_id": "arn:aws:kms:us-west-2:870846026232:key/1ac4e3ea-b4c1-44b7-af4d-79aeb740a0c4",
                            "size": "2000",
                            "snapshot_id": "",
                            "tags.%": "7",
                            "tags.Account_name": "jive-reco-prod",
                            "tags.Jive_service": "upena",
                            "tags.Name": "prod-upena-data-i6-v2",
                            "tags.Pipeline_phase": "prod",
                            "tags.Region": "us-west-2",
                            "tags.SLA": "prod",
                            "tags.Service_component": "upena-data",
                            "type": "st1"
                        },
                        "meta": {},
                        "tainted": false
                    },
                    "deposed": [],
                    "provider": ""
                },
                "aws_ebs_volume.upena_data_i6_v3": {
                    "type": "aws_ebs_volume",
                    "depends_on": [],
                    "primary": {
                        "id": "vol-095495a9e67ca193e",
                        "attributes": {
                            "availability_zone": "us-west-2c",
                            "encrypted": "true",
                            "id": "vol-095495a9e67ca193e",
                            "kms_key_id": "arn:aws:kms:us-west-2:870846026232:key/1ac4e3ea-b4c1-44b7-af4d-79aeb740a0c4",
                            "size": "2000",
                            "snapshot_id": "",
                            "tags.%": "7",
                            "tags.Account_name": "jive-reco-prod",
                            "tags.Jive_service": "upena",
                            "tags.Name": "prod-upena-data-i6-v3",
                            "tags.Pipeline_phase": "prod",
                            "tags.Region": "us-west-2",
                            "tags.SLA": "prod",
                            "tags.Service_component": "upena-data",
                            "type": "st1"
                        },
                        "meta": {},
                        "tainted": false
                    },
                    "deposed": [],
                    "provider": ""
                },
                "aws_ebs_volume.upena_data_i7_v0": {
                    "type": "aws_ebs_volume",
                    "depends_on": [],
                    "primary": {
                        "id": "vol-0caaaa581c11207a3",
                        "attributes": {
                            "availability_zone": "us-west-2a",
                            "encrypted": "true",
                            "id": "vol-0caaaa581c11207a3",
                            "kms_key_id": "arn:aws:kms:us-west-2:870846026232:key/1ac4e3ea-b4c1-44b7-af4d-79aeb740a0c4",
                            "size": "500",
                            "snapshot_id": "",
                            "tags.%": "7",
                            "tags.Account_name": "jive-reco-prod",
                            "tags.Jive_service": "upena",
                            "tags.Name": "prod-upena-data-i7-v0",
                            "tags.Pipeline_phase": "prod",
                            "tags.Region": "us-west-2",
                            "tags.SLA": "prod",
                            "tags.Service_component": "upena-data",
                            "type": "st1"
                        },
                        "meta": {},
                        "tainted": false
                    },
                    "deposed": [],
                    "provider": ""
                },
                "aws_ebs_volume.upena_data_i7_v1": {
                    "type": "aws_ebs_volume",
                    "depends_on": [],
                    "primary": {
                        "id": "vol-0b61d750b1b53f2b9",
                        "attributes": {
                            "availability_zone": "us-west-2a",
                            "encrypted": "true",
                            "id": "vol-0b61d750b1b53f2b9",
                            "kms_key_id": "arn:aws:kms:us-west-2:870846026232:key/1ac4e3ea-b4c1-44b7-af4d-79aeb740a0c4",
                            "size": "2000",
                            "snapshot_id": "",
                            "tags.%": "7",
                            "tags.Account_name": "jive-reco-prod",
                            "tags.Jive_service": "upena",
                            "tags.Name": "prod-upena-data-i7-v1",
                            "tags.Pipeline_phase": "prod",
                            "tags.Region": "us-west-2",
                            "tags.SLA": "prod",
                            "tags.Service_component": "upena-data",
                            "type": "st1"
                        },
                        "meta": {},
                        "tainted": false
                    },
                    "deposed": [],
                    "provider": ""
                },
                "aws_ebs_volume.upena_data_i7_v2": {
                    "type": "aws_ebs_volume",
                    "depends_on": [],
                    "primary": {
                        "id": "vol-056cc369d33c73af8",
                        "attributes": {
                            "availability_zone": "us-west-2a",
                            "encrypted": "true",
                            "id": "vol-056cc369d33c73af8",
                            "kms_key_id": "arn:aws:kms:us-west-2:870846026232:key/1ac4e3ea-b4c1-44b7-af4d-79aeb740a0c4",
                            "size": "2000",
                            "snapshot_id": "",
                            "tags.%": "7",
                            "tags.Account_name": "jive-reco-prod",
                            "tags.Jive_service": "upena",
                            "tags.Name": "prod-upena-data-i7-v2",
                            "tags.Pipeline_phase": "prod",
                            "tags.Region": "us-west-2",
                            "tags.SLA": "prod",
                            "tags.Service_component": "upena-data",
                            "type": "st1"
                        },
                        "meta": {},
                        "tainted": false
                    },
                    "deposed": [],
                    "provider": ""
                },
                "aws_ebs_volume.upena_data_i7_v3": {
                    "type": "aws_ebs_volume",
                    "depends_on": [],
                    "primary": {
                        "id": "vol-09354874217ce03df",
                        "attributes": {
                            "availability_zone": "us-west-2a",
                            "encrypted": "true",
                            "id": "vol-09354874217ce03df",
                            "kms_key_id": "arn:aws:kms:us-west-2:870846026232:key/1ac4e3ea-b4c1-44b7-af4d-79aeb740a0c4",
                            "size": "2000",
                            "snapshot_id": "",
                            "tags.%": "7",
                            "tags.Account_name": "jive-reco-prod",
                            "tags.Jive_service": "upena",
                            "tags.Name": "prod-upena-data-i7-v3",
                            "tags.Pipeline_phase": "prod",
                            "tags.Region": "us-west-2",
                            "tags.SLA": "prod",
                            "tags.Service_component": "upena-data",
                            "type": "st1"
                        },
                        "meta": {},
                        "tainted": false
                    },
                    "deposed": [],
                    "provider": ""
                },
                "aws_ebs_volume.upena_data_i8_v0": {
                    "type": "aws_ebs_volume",
                    "depends_on": [],
                    "primary": {
                        "id": "vol-0b50faf210991f647",
                        "attributes": {
                            "availability_zone": "us-west-2b",
                            "encrypted": "true",
                            "id": "vol-0b50faf210991f647",
                            "kms_key_id": "arn:aws:kms:us-west-2:870846026232:key/1ac4e3ea-b4c1-44b7-af4d-79aeb740a0c4",
                            "size": "500",
                            "snapshot_id": "",
                            "tags.%": "7",
                            "tags.Account_name": "jive-reco-prod",
                            "tags.Jive_service": "upena",
                            "tags.Name": "prod-upena-data-i8-v0",
                            "tags.Pipeline_phase": "prod",
                            "tags.Region": "us-west-2",
                            "tags.SLA": "prod",
                            "tags.Service_component": "upena-data",
                            "type": "st1"
                        },
                        "meta": {},
                        "tainted": false
                    },
                    "deposed": [],
                    "provider": ""
                },
                "aws_ebs_volume.upena_data_i8_v1": {
                    "type": "aws_ebs_volume",
                    "depends_on": [],
                    "primary": {
                        "id": "vol-050dd167bd5cd9778",
                        "attributes": {
                            "availability_zone": "us-west-2b",
                            "encrypted": "true",
                            "id": "vol-050dd167bd5cd9778",
                            "kms_key_id": "arn:aws:kms:us-west-2:870846026232:key/1ac4e3ea-b4c1-44b7-af4d-79aeb740a0c4",
                            "size": "2000",
                            "snapshot_id": "",
                            "tags.%": "7",
                            "tags.Account_name": "jive-reco-prod",
                            "tags.Jive_service": "upena",
                            "tags.Name": "prod-upena-data-i8-v1",
                            "tags.Pipeline_phase": "prod",
                            "tags.Region": "us-west-2",
                            "tags.SLA": "prod",
                            "tags.Service_component": "upena-data",
                            "type": "st1"
                        },
                        "meta": {},
                        "tainted": false
                    },
                    "deposed": [],
                    "provider": ""
                },
                "aws_ebs_volume.upena_data_i8_v2": {
                    "type": "aws_ebs_volume",
                    "depends_on": [],
                    "primary": {
                        "id": "vol-0c8a6565d10e7eeb5",
                        "attributes": {
                            "availability_zone": "us-west-2b",
                            "encrypted": "true",
                            "id": "vol-0c8a6565d10e7eeb5",
                            "kms_key_id": "arn:aws:kms:us-west-2:870846026232:key/1ac4e3ea-b4c1-44b7-af4d-79aeb740a0c4",
                            "size": "2000",
                            "snapshot_id": "",
                            "tags.%": "7",
                            "tags.Account_name": "jive-reco-prod",
                            "tags.Jive_service": "upena",
                            "tags.Name": "prod-upena-data-i8-v2",
                            "tags.Pipeline_phase": "prod",
                            "tags.Region": "us-west-2",
                            "tags.SLA": "prod",
                            "tags.Service_component": "upena-data",
                            "type": "st1"
                        },
                        "meta": {},
                        "tainted": false
                    },
                    "deposed": [],
                    "provider": ""
                },
                "aws_ebs_volume.upena_data_i8_v3": {
                    "type": "aws_ebs_volume",
                    "depends_on": [],
                    "primary": {
                        "id": "vol-0c5ee40db99a12fb6",
                        "attributes": {
                            "availability_zone": "us-west-2b",
                            "encrypted": "true",
                            "id": "vol-0c5ee40db99a12fb6",
                            "kms_key_id": "arn:aws:kms:us-west-2:870846026232:key/1ac4e3ea-b4c1-44b7-af4d-79aeb740a0c4",
                            "size": "2000",
                            "snapshot_id": "",
                            "tags.%": "7",
                            "tags.Account_name": "jive-reco-prod",
                            "tags.Jive_service": "upena",
                            "tags.Name": "prod-upena-data-i8-v3",
                            "tags.Pipeline_phase": "prod",
                            "tags.Region": "us-west-2",
                            "tags.SLA": "prod",
                            "tags.Service_component": "upena-data",
                            "type": "st1"
                        },
                        "meta": {},
                        "tainted": false
                    },
                    "deposed": [],
                    "provider": ""
                },
                "aws_ebs_volume.upena_data_i9_v0": {
                    "type": "aws_ebs_volume",
                    "depends_on": [],
                    "primary": {
                        "id": "vol-0385bc85e606cd4b3",
                        "attributes": {
                            "availability_zone": "us-west-2c",
                            "encrypted": "true",
                            "id": "vol-0385bc85e606cd4b3",
                            "kms_key_id": "arn:aws:kms:us-west-2:870846026232:key/1ac4e3ea-b4c1-44b7-af4d-79aeb740a0c4",
                            "size": "500",
                            "snapshot_id": "",
                            "tags.%": "7",
                            "tags.Account_name": "jive-reco-prod",
                            "tags.Jive_service": "upena",
                            "tags.Name": "prod-upena-data-i9-v0",
                            "tags.Pipeline_phase": "prod",
                            "tags.Region": "us-west-2",
                            "tags.SLA": "prod",
                            "tags.Service_component": "upena-data",
                            "type": "st1"
                        },
                        "meta": {},
                        "tainted": false
                    },
                    "deposed": [],
                    "provider": ""
                },
                "aws_ebs_volume.upena_data_i9_v1": {
                    "type": "aws_ebs_volume",
                    "depends_on": [],
                    "primary": {
                        "id": "vol-01ec84523ad5bfa9c",
                        "attributes": {
                            "availability_zone": "us-west-2c",
                            "encrypted": "true",
                            "id": "vol-01ec84523ad5bfa9c",
                            "kms_key_id": "arn:aws:kms:us-west-2:870846026232:key/1ac4e3ea-b4c1-44b7-af4d-79aeb740a0c4",
                            "size": "2000",
                            "snapshot_id": "",
                            "tags.%": "7",
                            "tags.Account_name": "jive-reco-prod",
                            "tags.Jive_service": "upena",
                            "tags.Name": "prod-upena-data-i9-v1",
                            "tags.Pipeline_phase": "prod",
                            "tags.Region": "us-west-2",
                            "tags.SLA": "prod",
                            "tags.Service_component": "upena-data",
                            "type": "st1"
                        },
                        "meta": {},
                        "tainted": false
                    },
                    "deposed": [],
                    "provider": ""
                },
                "aws_ebs_volume.upena_data_i9_v2": {
                    "type": "aws_ebs_volume",
                    "depends_on": [],
                    "primary": {
                        "id": "vol-0658cfe7c275da30c",
                        "attributes": {
                            "availability_zone": "us-west-2c",
                            "encrypted": "true",
                            "id": "vol-0658cfe7c275da30c",
                            "kms_key_id": "arn:aws:kms:us-west-2:870846026232:key/1ac4e3ea-b4c1-44b7-af4d-79aeb740a0c4",
                            "size": "2000",
                            "snapshot_id": "",
                            "tags.%": "7",
                            "tags.Account_name": "jive-reco-prod",
                            "tags.Jive_service": "upena",
                            "tags.Name": "prod-upena-data-i9-v2",
                            "tags.Pipeline_phase": "prod",
                            "tags.Region": "us-west-2",
                            "tags.SLA": "prod",
                            "tags.Service_component": "upena-data",
                            "type": "st1"
                        },
                        "meta": {},
                        "tainted": false
                    },
                    "deposed": [],
                    "provider": ""
                },
                "aws_ebs_volume.upena_data_i9_v3": {
                    "type": "aws_ebs_volume",
                    "depends_on": [],
                    "primary": {
                        "id": "vol-0e5e55bfe110412c1",
                        "attributes": {
                            "availability_zone": "us-west-2c",
                            "encrypted": "true",
                            "id": "vol-0e5e55bfe110412c1",
                            "kms_key_id": "arn:aws:kms:us-west-2:870846026232:key/1ac4e3ea-b4c1-44b7-af4d-79aeb740a0c4",
                            "size": "2000",
                            "snapshot_id": "",
                            "tags.%": "7",
                            "tags.Account_name": "jive-reco-prod",
                            "tags.Jive_service": "upena",
                            "tags.Name": "prod-upena-data-i9-v3",
                            "tags.Pipeline_phase": "prod",
                            "tags.Region": "us-west-2",
                            "tags.SLA": "prod",
                            "tags.Service_component": "upena-data",
                            "type": "st1"
                        },
                        "meta": {},
                        "tainted": false
                    },
                    "deposed": [],
                    "provider": ""
                },
                "aws_instance.upena_data_i1": {
                    "type": "aws_instance",
                    "depends_on": [
                        "aws_security_group.upena_data_sg"
                    ],
                    "primary": {
                        "id": "i-0bc69476568b8cf1e",
                        "attributes": {
                            "ami": "ami-1e299d7e",
                            "associate_public_ip_address": "false",
                            "availability_zone": "us-west-2a",
                            "disable_api_termination": "false",
                            "ebs_block_device.#": "4",
                            "ebs_block_device.2630216116.delete_on_termination": "false",
                            "ebs_block_device.2630216116.device_name": "/dev/sde",
                            "ebs_block_device.2630216116.encrypted": "true",
                            "ebs_block_device.2630216116.iops": "0",
                            "ebs_block_device.2630216116.snapshot_id": "",
                            "ebs_block_device.2630216116.volume_size": "2000",
                            "ebs_block_device.2630216116.volume_type": "st1",
                            "ebs_block_device.2634515331.delete_on_termination": "false",
                            "ebs_block_device.2634515331.device_name": "/dev/sdd",
                            "ebs_block_device.2634515331.encrypted": "true",
                            "ebs_block_device.2634515331.iops": "0",
                            "ebs_block_device.2634515331.snapshot_id": "",
                            "ebs_block_device.2634515331.volume_size": "500",
                            "ebs_block_device.2634515331.volume_type": "st1",
                            "ebs_block_device.2659407853.delete_on_termination": "false",
                            "ebs_block_device.2659407853.device_name": "/dev/sdf",
                            "ebs_block_device.2659407853.encrypted": "true",
                            "ebs_block_device.2659407853.iops": "0",
                            "ebs_block_device.2659407853.snapshot_id": "",
                            "ebs_block_device.2659407853.volume_size": "2000",
                            "ebs_block_device.2659407853.volume_type": "st1",
                            "ebs_block_device.2671853018.delete_on_termination": "false",
                            "ebs_block_device.2671853018.device_name": "/dev/sdg",
                            "ebs_block_device.2671853018.encrypted": "true",
                            "ebs_block_device.2671853018.iops": "0",
                            "ebs_block_device.2671853018.snapshot_id": "",
                            "ebs_block_device.2671853018.volume_size": "2000",
                            "ebs_block_device.2671853018.volume_type": "st1",
                            "ebs_optimized": "true",
                            "ephemeral_block_device.#": "0",
                            "iam_instance_profile": "upena-profile",
                            "id": "i-0bc69476568b8cf1e",
                            "instance_state": "running",
                            "instance_type": "r4.xlarge",
                            "key_name": "reco-prod",
                            "monitoring": "false",
                            "network_interface_id": "eni-76ea7635",
                            "private_dns": "ip-10-126-97-69.us-west-2.compute.internal",
                            "private_ip": "10.126.97.69",
                            "public_dns": "",
                            "public_ip": "",
                            "root_block_device.#": "1",
                            "root_block_device.0.delete_on_termination": "true",
                            "root_block_device.0.iops": "0",
                            "root_block_device.0.volume_size": "8",
                            "root_block_device.0.volume_type": "standard",
                            "security_groups.#": "0",
                            "source_dest_check": "true",
                            "subnet_id": "subnet-4ba5703d",
                            "tags.%": "7",
                            "tags.Account_name": "jive-reco-prod",
                            "tags.Jive_service": "upena",
                            "tags.Name": "prod-upena-data-i1",
                            "tags.Pipeline_phase": "prod",
                            "tags.Region": "us-west-2",
                            "tags.SLA": "prod",
                            "tags.Service_component": "upena-data",
                            "tenancy": "default",
                            "user_data": "50f17a6874daa70625669dc3325f5aeeabefe184",
                            "vpc_security_group_ids.#": "2",
                            "vpc_security_group_ids.318987293": "sg-aa9c41d2",
                            "vpc_security_group_ids.744384824": "sg-77687f10"
                        },
                        "meta": {
                            "schema_version": "1"
                        },
                        "tainted": false
                    },
                    "deposed": [],
                    "provider": ""
                },
                "aws_instance.upena_data_i2": {
                    "type": "aws_instance",
                    "depends_on": [
                        "aws_security_group.upena_data_sg"
                    ],
                    "primary": {
                        "id": "i-0c17a6baf4606c5f9",
                        "attributes": {
                            "ami": "ami-1e299d7e",
                            "associate_public_ip_address": "false",
                            "availability_zone": "us-west-2b",
                            "disable_api_termination": "false",
                            "ebs_block_device.#": "4",
                            "ebs_block_device.2630216116.delete_on_termination": "false",
                            "ebs_block_device.2630216116.device_name": "/dev/sde",
                            "ebs_block_device.2630216116.encrypted": "true",
                            "ebs_block_device.2630216116.iops": "0",
                            "ebs_block_device.2630216116.snapshot_id": "",
                            "ebs_block_device.2630216116.volume_size": "2000",
                            "ebs_block_device.2630216116.volume_type": "st1",
                            "ebs_block_device.2634515331.delete_on_termination": "false",
                            "ebs_block_device.2634515331.device_name": "/dev/sdd",
                            "ebs_block_device.2634515331.encrypted": "true",
                            "ebs_block_device.2634515331.iops": "0",
                            "ebs_block_device.2634515331.snapshot_id": "",
                            "ebs_block_device.2634515331.volume_size": "500",
                            "ebs_block_device.2634515331.volume_type": "st1",
                            "ebs_block_device.2659407853.delete_on_termination": "false",
                            "ebs_block_device.2659407853.device_name": "/dev/sdf",
                            "ebs_block_device.2659407853.encrypted": "true",
                            "ebs_block_device.2659407853.iops": "0",
                            "ebs_block_device.2659407853.snapshot_id": "",
                            "ebs_block_device.2659407853.volume_size": "2000",
                            "ebs_block_device.2659407853.volume_type": "st1",
                            "ebs_block_device.2671853018.delete_on_termination": "false",
                            "ebs_block_device.2671853018.device_name": "/dev/sdg",
                            "ebs_block_device.2671853018.encrypted": "true",
                            "ebs_block_device.2671853018.iops": "0",
                            "ebs_block_device.2671853018.snapshot_id": "",
                            "ebs_block_device.2671853018.volume_size": "2000",
                            "ebs_block_device.2671853018.volume_type": "st1",
                            "ebs_optimized": "true",
                            "ephemeral_block_device.#": "0",
                            "iam_instance_profile": "upena-profile",
                            "id": "i-0c17a6baf4606c5f9",
                            "instance_state": "running",
                            "instance_type": "r4.xlarge",
                            "key_name": "reco-prod",
                            "monitoring": "false",
                            "network_interface_id": "eni-7ad7c90b",
                            "private_dns": "ip-10-126-103-228.us-west-2.compute.internal",
                            "private_ip": "10.126.103.228",
                            "public_dns": "",
                            "public_ip": "",
                            "root_block_device.#": "1",
                            "root_block_device.0.delete_on_termination": "true",
                            "root_block_device.0.iops": "0",
                            "root_block_device.0.volume_size": "8",
                            "root_block_device.0.volume_type": "standard",
                            "security_groups.#": "0",
                            "source_dest_check": "true",
                            "subnet_id": "subnet-6178c805",
                            "tags.%": "7",
                            "tags.Account_name": "jive-reco-prod",
                            "tags.Jive_service": "upena",
                            "tags.Name": "prod-upena-data-i2",
                            "tags.Pipeline_phase": "prod",
                            "tags.Region": "us-west-2",
                            "tags.SLA": "prod",
                            "tags.Service_component": "upena-data",
                            "tenancy": "default",
                            "user_data": "50f17a6874daa70625669dc3325f5aeeabefe184",
                            "vpc_security_group_ids.#": "2",
                            "vpc_security_group_ids.318987293": "sg-aa9c41d2",
                            "vpc_security_group_ids.744384824": "sg-77687f10"
                        },
                        "meta": {
                            "schema_version": "1"
                        },
                        "tainted": false
                    },
                    "deposed": [],
                    "provider": ""
                },
                "aws_instance.upena_data_i3": {
                    "type": "aws_instance",
                    "depends_on": [
                        "aws_security_group.upena_data_sg"
                    ],
                    "primary": {
                        "id": "i-0e7777e2867e6e5f8",
                        "attributes": {
                            "ami": "ami-1e299d7e",
                            "associate_public_ip_address": "false",
                            "availability_zone": "us-west-2c",
                            "disable_api_termination": "false",
                            "ebs_block_device.#": "4",
                            "ebs_block_device.2630216116.delete_on_termination": "false",
                            "ebs_block_device.2630216116.device_name": "/dev/sde",
                            "ebs_block_device.2630216116.encrypted": "true",
                            "ebs_block_device.2630216116.iops": "0",
                            "ebs_block_device.2630216116.snapshot_id": "",
                            "ebs_block_device.2630216116.volume_size": "2000",
                            "ebs_block_device.2630216116.volume_type": "st1",
                            "ebs_block_device.2634515331.delete_on_termination": "false",
                            "ebs_block_device.2634515331.device_name": "/dev/sdd",
                            "ebs_block_device.2634515331.encrypted": "true",
                            "ebs_block_device.2634515331.iops": "0",
                            "ebs_block_device.2634515331.snapshot_id": "",
                            "ebs_block_device.2634515331.volume_size": "500",
                            "ebs_block_device.2634515331.volume_type": "st1",
                            "ebs_block_device.2659407853.delete_on_termination": "false",
                            "ebs_block_device.2659407853.device_name": "/dev/sdf",
                            "ebs_block_device.2659407853.encrypted": "true",
                            "ebs_block_device.2659407853.iops": "0",
                            "ebs_block_device.2659407853.snapshot_id": "",
                            "ebs_block_device.2659407853.volume_size": "2000",
                            "ebs_block_device.2659407853.volume_type": "st1",
                            "ebs_block_device.2671853018.delete_on_termination": "false",
                            "ebs_block_device.2671853018.device_name": "/dev/sdg",
                            "ebs_block_device.2671853018.encrypted": "true",
                            "ebs_block_device.2671853018.iops": "0",
                            "ebs_block_device.2671853018.snapshot_id": "",
                            "ebs_block_device.2671853018.volume_size": "2000",
                            "ebs_block_device.2671853018.volume_type": "st1",
                            "ebs_optimized": "true",
                            "ephemeral_block_device.#": "0",
                            "iam_instance_profile": "upena-profile",
                            "id": "i-0e7777e2867e6e5f8",
                            "instance_state": "running",
                            "instance_type": "r4.xlarge",
                            "key_name": "reco-prod",
                            "monitoring": "false",
                            "network_interface_id": "eni-5df9ce0d",
                            "private_dns": "ip-10-126-105-68.us-west-2.compute.internal",
                            "private_ip": "10.126.105.68",
                            "public_dns": "",
                            "public_ip": "",
                            "root_block_device.#": "1",
                            "root_block_device.0.delete_on_termination": "true",
                            "root_block_device.0.iops": "0",
                            "root_block_device.0.volume_size": "8",
                            "root_block_device.0.volume_type": "standard",
                            "security_groups.#": "0",
                            "source_dest_check": "true",
                            "subnet_id": "subnet-6be90c33",
                            "tags.%": "7",
                            "tags.Account_name": "jive-reco-prod",
                            "tags.Jive_service": "upena",
                            "tags.Name": "prod-upena-data-i3",
                            "tags.Pipeline_phase": "prod",
                            "tags.Region": "us-west-2",
                            "tags.SLA": "prod",
                            "tags.Service_component": "upena-data",
                            "tenancy": "default",
                            "user_data": "50f17a6874daa70625669dc3325f5aeeabefe184",
                            "vpc_security_group_ids.#": "2",
                            "vpc_security_group_ids.318987293": "sg-aa9c41d2",
                            "vpc_security_group_ids.744384824": "sg-77687f10"
                        },
                        "meta": {
                            "schema_version": "1"
                        },
                        "tainted": false
                    },
                    "deposed": [],
                    "provider": ""
                },
                "aws_instance.upena_data_i4": {
                    "type": "aws_instance",
                    "depends_on": [
                        "aws_security_group.upena_data_sg"
                    ],
                    "primary": {
                        "id": "i-023b35ee725bd0a12",
                        "attributes": {
                            "ami": "ami-1e299d7e",
                            "associate_public_ip_address": "false",
                            "availability_zone": "us-west-2a",
                            "disable_api_termination": "false",
                            "ebs_block_device.#": "4",
                            "ebs_block_device.2630216116.delete_on_termination": "false",
                            "ebs_block_device.2630216116.device_name": "/dev/sde",
                            "ebs_block_device.2630216116.encrypted": "true",
                            "ebs_block_device.2630216116.iops": "0",
                            "ebs_block_device.2630216116.snapshot_id": "",
                            "ebs_block_device.2630216116.volume_size": "2000",
                            "ebs_block_device.2630216116.volume_type": "st1",
                            "ebs_block_device.2634515331.delete_on_termination": "false",
                            "ebs_block_device.2634515331.device_name": "/dev/sdd",
                            "ebs_block_device.2634515331.encrypted": "true",
                            "ebs_block_device.2634515331.iops": "0",
                            "ebs_block_device.2634515331.snapshot_id": "",
                            "ebs_block_device.2634515331.volume_size": "500",
                            "ebs_block_device.2634515331.volume_type": "st1",
                            "ebs_block_device.2659407853.delete_on_termination": "false",
                            "ebs_block_device.2659407853.device_name": "/dev/sdf",
                            "ebs_block_device.2659407853.encrypted": "true",
                            "ebs_block_device.2659407853.iops": "0",
                            "ebs_block_device.2659407853.snapshot_id": "",
                            "ebs_block_device.2659407853.volume_size": "2000",
                            "ebs_block_device.2659407853.volume_type": "st1",
                            "ebs_block_device.2671853018.delete_on_termination": "false",
                            "ebs_block_device.2671853018.device_name": "/dev/sdg",
                            "ebs_block_device.2671853018.encrypted": "true",
                            "ebs_block_device.2671853018.iops": "0",
                            "ebs_block_device.2671853018.snapshot_id": "",
                            "ebs_block_device.2671853018.volume_size": "2000",
                            "ebs_block_device.2671853018.volume_type": "st1",
                            "ebs_optimized": "true",
                            "ephemeral_block_device.#": "0",
                            "iam_instance_profile": "upena-profile",
                            "id": "i-023b35ee725bd0a12",
                            "instance_state": "running",
                            "instance_type": "r4.xlarge",
                            "key_name": "reco-prod",
                            "monitoring": "false",
                            "network_interface_id": "eni-4ae17d09",
                            "private_dns": "ip-10-126-96-246.us-west-2.compute.internal",
                            "private_ip": "10.126.96.246",
                            "public_dns": "",
                            "public_ip": "",
                            "root_block_device.#": "1",
                            "root_block_device.0.delete_on_termination": "true",
                            "root_block_device.0.iops": "0",
                            "root_block_device.0.volume_size": "8",
                            "root_block_device.0.volume_type": "standard",
                            "security_groups.#": "0",
                            "source_dest_check": "true",
                            "subnet_id": "subnet-4ba5703d",
                            "tags.%": "7",
                            "tags.Account_name": "jive-reco-prod",
                            "tags.Jive_service": "upena",
                            "tags.Name": "prod-upena-data-i4",
                            "tags.Pipeline_phase": "prod",
                            "tags.Region": "us-west-2",
                            "tags.SLA": "prod",
                            "tags.Service_component": "upena-data",
                            "tenancy": "default",
                            "user_data": "50f17a6874daa70625669dc3325f5aeeabefe184",
                            "vpc_security_group_ids.#": "2",
                            "vpc_security_group_ids.318987293": "sg-aa9c41d2",
                            "vpc_security_group_ids.744384824": "sg-77687f10"
                        },
                        "meta": {
                            "schema_version": "1"
                        },
                        "tainted": false
                    },
                    "deposed": [],
                    "provider": ""
                },
                "aws_instance.upena_data_i5": {
                    "type": "aws_instance",
                    "depends_on": [
                        "aws_security_group.upena_data_sg"
                    ],
                    "primary": {
                        "id": "i-02b6e02f2210d0e5a",
                        "attributes": {
                            "ami": "ami-1e299d7e",
                            "associate_public_ip_address": "false",
                            "availability_zone": "us-west-2b",
                            "disable_api_termination": "false",
                            "ebs_block_device.#": "4",
                            "ebs_block_device.2630216116.delete_on_termination": "false",
                            "ebs_block_device.2630216116.device_name": "/dev/sde",
                            "ebs_block_device.2630216116.encrypted": "true",
                            "ebs_block_device.2630216116.iops": "0",
                            "ebs_block_device.2630216116.snapshot_id": "",
                            "ebs_block_device.2630216116.volume_size": "2000",
                            "ebs_block_device.2630216116.volume_type": "st1",
                            "ebs_block_device.2634515331.delete_on_termination": "false",
                            "ebs_block_device.2634515331.device_name": "/dev/sdd",
                            "ebs_block_device.2634515331.encrypted": "true",
                            "ebs_block_device.2634515331.iops": "0",
                            "ebs_block_device.2634515331.snapshot_id": "",
                            "ebs_block_device.2634515331.volume_size": "500",
                            "ebs_block_device.2634515331.volume_type": "st1",
                            "ebs_block_device.2659407853.delete_on_termination": "false",
                            "ebs_block_device.2659407853.device_name": "/dev/sdf",
                            "ebs_block_device.2659407853.encrypted": "true",
                            "ebs_block_device.2659407853.iops": "0",
                            "ebs_block_device.2659407853.snapshot_id": "",
                            "ebs_block_device.2659407853.volume_size": "2000",
                            "ebs_block_device.2659407853.volume_type": "st1",
                            "ebs_block_device.2671853018.delete_on_termination": "false",
                            "ebs_block_device.2671853018.device_name": "/dev/sdg",
                            "ebs_block_device.2671853018.encrypted": "true",
                            "ebs_block_device.2671853018.iops": "0",
                            "ebs_block_device.2671853018.snapshot_id": "",
                            "ebs_block_device.2671853018.volume_size": "2000",
                            "ebs_block_device.2671853018.volume_type": "st1",
                            "ebs_optimized": "true",
                            "ephemeral_block_device.#": "0",
                            "iam_instance_profile": "upena-profile",
                            "id": "i-02b6e02f2210d0e5a",
                            "instance_state": "running",
                            "instance_type": "r4.xlarge",
                            "key_name": "reco-prod",
                            "monitoring": "false",
                            "network_interface_id": "eni-b8dfc1c9",
                            "private_dns": "ip-10-126-102-9.us-west-2.compute.internal",
                            "private_ip": "10.126.102.9",
                            "public_dns": "",
                            "public_ip": "",
                            "root_block_device.#": "1",
                            "root_block_device.0.delete_on_termination": "true",
                            "root_block_device.0.iops": "0",
                            "root_block_device.0.volume_size": "8",
                            "root_block_device.0.volume_type": "standard",
                            "security_groups.#": "0",
                            "source_dest_check": "true",
                            "subnet_id": "subnet-6178c805",
                            "tags.%": "7",
                            "tags.Account_name": "jive-reco-prod",
                            "tags.Jive_service": "upena",
                            "tags.Name": "prod-upena-data-i5",
                            "tags.Pipeline_phase": "prod",
                            "tags.Region": "us-west-2",
                            "tags.SLA": "prod",
                            "tags.Service_component": "upena-data",
                            "tenancy": "default",
                            "user_data": "50f17a6874daa70625669dc3325f5aeeabefe184",
                            "vpc_security_group_ids.#": "2",
                            "vpc_security_group_ids.318987293": "sg-aa9c41d2",
                            "vpc_security_group_ids.744384824": "sg-77687f10"
                        },
                        "meta": {
                            "schema_version": "1"
                        },
                        "tainted": false
                    },
                    "deposed": [],
                    "provider": ""
                },
                "aws_instance.upena_data_i6": {
                    "type": "aws_instance",
                    "depends_on": [
                        "aws_security_group.upena_data_sg"
                    ],
                    "primary": {
                        "id": "i-0b5fea8559ea89702",
                        "attributes": {
                            "ami": "ami-1e299d7e",
                            "associate_public_ip_address": "false",
                            "availability_zone": "us-west-2c",
                            "disable_api_termination": "false",
                            "ebs_block_device.#": "4",
                            "ebs_block_device.2630216116.delete_on_termination": "false",
                            "ebs_block_device.2630216116.device_name": "/dev/sde",
                            "ebs_block_device.2630216116.encrypted": "true",
                            "ebs_block_device.2630216116.iops": "0",
                            "ebs_block_device.2630216116.snapshot_id": "",
                            "ebs_block_device.2630216116.volume_size": "2000",
                            "ebs_block_device.2630216116.volume_type": "st1",
                            "ebs_block_device.2634515331.delete_on_termination": "false",
                            "ebs_block_device.2634515331.device_name": "/dev/sdd",
                            "ebs_block_device.2634515331.encrypted": "true",
                            "ebs_block_device.2634515331.iops": "0",
                            "ebs_block_device.2634515331.snapshot_id": "",
                            "ebs_block_device.2634515331.volume_size": "500",
                            "ebs_block_device.2634515331.volume_type": "st1",
                            "ebs_block_device.2659407853.delete_on_termination": "false",
                            "ebs_block_device.2659407853.device_name": "/dev/sdf",
                            "ebs_block_device.2659407853.encrypted": "true",
                            "ebs_block_device.2659407853.iops": "0",
                            "ebs_block_device.2659407853.snapshot_id": "",
                            "ebs_block_device.2659407853.volume_size": "2000",
                            "ebs_block_device.2659407853.volume_type": "st1",
                            "ebs_block_device.2671853018.delete_on_termination": "false",
                            "ebs_block_device.2671853018.device_name": "/dev/sdg",
                            "ebs_block_device.2671853018.encrypted": "true",
                            "ebs_block_device.2671853018.iops": "0",
                            "ebs_block_device.2671853018.snapshot_id": "",
                            "ebs_block_device.2671853018.volume_size": "2000",
                            "ebs_block_device.2671853018.volume_type": "st1",
                            "ebs_optimized": "true",
                            "ephemeral_block_device.#": "0",
                            "iam_instance_profile": "upena-profile",
                            "id": "i-0b5fea8559ea89702",
                            "instance_state": "running",
                            "instance_type": "r4.xlarge",
                            "key_name": "reco-prod",
                            "monitoring": "false",
                            "network_interface_id": "eni-dffec98f",
                            "private_dns": "ip-10-126-107-204.us-west-2.compute.internal",
                            "private_ip": "10.126.107.204",
                            "public_dns": "",
                            "public_ip": "",
                            "root_block_device.#": "1",
                            "root_block_device.0.delete_on_termination": "true",
                            "root_block_device.0.iops": "0",
                            "root_block_device.0.volume_size": "8",
                            "root_block_device.0.volume_type": "standard",
                            "security_groups.#": "0",
                            "source_dest_check": "true",
                            "subnet_id": "subnet-6be90c33",
                            "tags.%": "7",
                            "tags.Account_name": "jive-reco-prod",
                            "tags.Jive_service": "upena",
                            "tags.Name": "prod-upena-data-i6",
                            "tags.Pipeline_phase": "prod",
                            "tags.Region": "us-west-2",
                            "tags.SLA": "prod",
                            "tags.Service_component": "upena-data",
                            "tenancy": "default",
                            "user_data": "50f17a6874daa70625669dc3325f5aeeabefe184",
                            "vpc_security_group_ids.#": "2",
                            "vpc_security_group_ids.318987293": "sg-aa9c41d2",
                            "vpc_security_group_ids.744384824": "sg-77687f10"
                        },
                        "meta": {
                            "schema_version": "1"
                        },
                        "tainted": false
                    },
                    "deposed": [],
                    "provider": ""
                },
                "aws_instance.upena_data_i7": {
                    "type": "aws_instance",
                    "depends_on": [
                        "aws_security_group.upena_data_sg"
                    ],
                    "primary": {
                        "id": "i-0952c7b6d982b4706",
                        "attributes": {
                            "ami": "ami-1e299d7e",
                            "associate_public_ip_address": "false",
                            "availability_zone": "us-west-2a",
                            "disable_api_termination": "false",
                            "ebs_block_device.#": "4",
                            "ebs_block_device.2630216116.delete_on_termination": "false",
                            "ebs_block_device.2630216116.device_name": "/dev/sde",
                            "ebs_block_device.2630216116.encrypted": "true",
                            "ebs_block_device.2630216116.iops": "0",
                            "ebs_block_device.2630216116.snapshot_id": "",
                            "ebs_block_device.2630216116.volume_size": "2000",
                            "ebs_block_device.2630216116.volume_type": "st1",
                            "ebs_block_device.2634515331.delete_on_termination": "false",
                            "ebs_block_device.2634515331.device_name": "/dev/sdd",
                            "ebs_block_device.2634515331.encrypted": "true",
                            "ebs_block_device.2634515331.iops": "0",
                            "ebs_block_device.2634515331.snapshot_id": "",
                            "ebs_block_device.2634515331.volume_size": "500",
                            "ebs_block_device.2634515331.volume_type": "st1",
                            "ebs_block_device.2659407853.delete_on_termination": "false",
                            "ebs_block_device.2659407853.device_name": "/dev/sdf",
                            "ebs_block_device.2659407853.encrypted": "true",
                            "ebs_block_device.2659407853.iops": "0",
                            "ebs_block_device.2659407853.snapshot_id": "",
                            "ebs_block_device.2659407853.volume_size": "2000",
                            "ebs_block_device.2659407853.volume_type": "st1",
                            "ebs_block_device.2671853018.delete_on_termination": "false",
                            "ebs_block_device.2671853018.device_name": "/dev/sdg",
                            "ebs_block_device.2671853018.encrypted": "true",
                            "ebs_block_device.2671853018.iops": "0",
                            "ebs_block_device.2671853018.snapshot_id": "",
                            "ebs_block_device.2671853018.volume_size": "2000",
                            "ebs_block_device.2671853018.volume_type": "st1",
                            "ebs_optimized": "true",
                            "ephemeral_block_device.#": "0",
                            "iam_instance_profile": "upena-profile",
                            "id": "i-0952c7b6d982b4706",
                            "instance_state": "running",
                            "instance_type": "r4.xlarge",
                            "key_name": "reco-prod",
                            "monitoring": "false",
                            "network_interface_id": "eni-d6ea7695",
                            "private_dns": "ip-10-126-97-89.us-west-2.compute.internal",
                            "private_ip": "10.126.97.89",
                            "public_dns": "",
                            "public_ip": "",
                            "root_block_device.#": "1",
                            "root_block_device.0.delete_on_termination": "true",
                            "root_block_device.0.iops": "0",
                            "root_block_device.0.volume_size": "8",
                            "root_block_device.0.volume_type": "standard",
                            "security_groups.#": "0",
                            "source_dest_check": "true",
                            "subnet_id": "subnet-4ba5703d",
                            "tags.%": "7",
                            "tags.Account_name": "jive-reco-prod",
                            "tags.Jive_service": "upena",
                            "tags.Name": "prod-upena-data-i7",
                            "tags.Pipeline_phase": "prod",
                            "tags.Region": "us-west-2",
                            "tags.SLA": "prod",
                            "tags.Service_component": "upena-data",
                            "tenancy": "default",
                            "user_data": "50f17a6874daa70625669dc3325f5aeeabefe184",
                            "vpc_security_group_ids.#": "2",
                            "vpc_security_group_ids.318987293": "sg-aa9c41d2",
                            "vpc_security_group_ids.744384824": "sg-77687f10"
                        },
                        "meta": {
                            "schema_version": "1"
                        },
                        "tainted": false
                    },
                    "deposed": [],
                    "provider": ""
                },
                "aws_instance.upena_data_i8": {
                    "type": "aws_instance",
                    "depends_on": [
                        "aws_security_group.upena_data_sg"
                    ],
                    "primary": {
                        "id": "i-0492702da3ef856ef",
                        "attributes": {
                            "ami": "ami-1e299d7e",
                            "associate_public_ip_address": "false",
                            "availability_zone": "us-west-2b",
                            "disable_api_termination": "false",
                            "ebs_block_device.#": "4",
                            "ebs_block_device.2630216116.delete_on_termination": "false",
                            "ebs_block_device.2630216116.device_name": "/dev/sde",
                            "ebs_block_device.2630216116.encrypted": "true",
                            "ebs_block_device.2630216116.iops": "0",
                            "ebs_block_device.2630216116.snapshot_id": "",
                            "ebs_block_device.2630216116.volume_size": "2000",
                            "ebs_block_device.2630216116.volume_type": "st1",
                            "ebs_block_device.2634515331.delete_on_termination": "false",
                            "ebs_block_device.2634515331.device_name": "/dev/sdd",
                            "ebs_block_device.2634515331.encrypted": "true",
                            "ebs_block_device.2634515331.iops": "0",
                            "ebs_block_device.2634515331.snapshot_id": "",
                            "ebs_block_device.2634515331.volume_size": "500",
                            "ebs_block_device.2634515331.volume_type": "st1",
                            "ebs_block_device.2659407853.delete_on_termination": "false",
                            "ebs_block_device.2659407853.device_name": "/dev/sdf",
                            "ebs_block_device.2659407853.encrypted": "true",
                            "ebs_block_device.2659407853.iops": "0",
                            "ebs_block_device.2659407853.snapshot_id": "",
                            "ebs_block_device.2659407853.volume_size": "2000",
                            "ebs_block_device.2659407853.volume_type": "st1",
                            "ebs_block_device.2671853018.delete_on_termination": "false",
                            "ebs_block_device.2671853018.device_name": "/dev/sdg",
                            "ebs_block_device.2671853018.encrypted": "true",
                            "ebs_block_device.2671853018.iops": "0",
                            "ebs_block_device.2671853018.snapshot_id": "",
                            "ebs_block_device.2671853018.volume_size": "2000",
                            "ebs_block_device.2671853018.volume_type": "st1",
                            "ebs_optimized": "true",
                            "ephemeral_block_device.#": "0",
                            "iam_instance_profile": "upena-profile",
                            "id": "i-0492702da3ef856ef",
                            "instance_state": "running",
                            "instance_type": "r4.xlarge",
                            "key_name": "reco-prod",
                            "monitoring": "false",
                            "network_interface_id": "eni-a2d2ccd3",
                            "private_dns": "ip-10-126-102-130.us-west-2.compute.internal",
                            "private_ip": "10.126.102.130",
                            "public_dns": "",
                            "public_ip": "",
                            "root_block_device.#": "1",
                            "root_block_device.0.delete_on_termination": "true",
                            "root_block_device.0.iops": "0",
                            "root_block_device.0.volume_size": "8",
                            "root_block_device.0.volume_type": "standard",
                            "security_groups.#": "0",
                            "source_dest_check": "true",
                            "subnet_id": "subnet-6178c805",
                            "tags.%": "7",
                            "tags.Account_name": "jive-reco-prod",
                            "tags.Jive_service": "upena",
                            "tags.Name": "prod-upena-data-i8",
                            "tags.Pipeline_phase": "prod",
                            "tags.Region": "us-west-2",
                            "tags.SLA": "prod",
                            "tags.Service_component": "upena-data",
                            "tenancy": "default",
                            "user_data": "50f17a6874daa70625669dc3325f5aeeabefe184",
                            "vpc_security_group_ids.#": "2",
                            "vpc_security_group_ids.318987293": "sg-aa9c41d2",
                            "vpc_security_group_ids.744384824": "sg-77687f10"
                        },
                        "meta": {
                            "schema_version": "1"
                        },
                        "tainted": false
                    },
                    "deposed": [],
                    "provider": ""
                },
                "aws_instance.upena_data_i9": {
                    "type": "aws_instance",
                    "depends_on": [
                        "aws_security_group.upena_data_sg"
                    ],
                    "primary": {
                        "id": "i-0d96ad036da734c3f",
                        "attributes": {
                            "ami": "ami-1e299d7e",
                            "associate_public_ip_address": "false",
                            "availability_zone": "us-west-2c",
                            "disable_api_termination": "false",
                            "ebs_block_device.#": "4",
                            "ebs_block_device.2630216116.delete_on_termination": "false",
                            "ebs_block_device.2630216116.device_name": "/dev/sde",
                            "ebs_block_device.2630216116.encrypted": "true",
                            "ebs_block_device.2630216116.iops": "0",
                            "ebs_block_device.2630216116.snapshot_id": "",
                            "ebs_block_device.2630216116.volume_size": "2000",
                            "ebs_block_device.2630216116.volume_type": "st1",
                            "ebs_block_device.2634515331.delete_on_termination": "false",
                            "ebs_block_device.2634515331.device_name": "/dev/sdd",
                            "ebs_block_device.2634515331.encrypted": "true",
                            "ebs_block_device.2634515331.iops": "0",
                            "ebs_block_device.2634515331.snapshot_id": "",
                            "ebs_block_device.2634515331.volume_size": "500",
                            "ebs_block_device.2634515331.volume_type": "st1",
                            "ebs_block_device.2659407853.delete_on_termination": "false",
                            "ebs_block_device.2659407853.device_name": "/dev/sdf",
                            "ebs_block_device.2659407853.encrypted": "true",
                            "ebs_block_device.2659407853.iops": "0",
                            "ebs_block_device.2659407853.snapshot_id": "",
                            "ebs_block_device.2659407853.volume_size": "2000",
                            "ebs_block_device.2659407853.volume_type": "st1",
                            "ebs_block_device.2671853018.delete_on_termination": "false",
                            "ebs_block_device.2671853018.device_name": "/dev/sdg",
                            "ebs_block_device.2671853018.encrypted": "true",
                            "ebs_block_device.2671853018.iops": "0",
                            "ebs_block_device.2671853018.snapshot_id": "",
                            "ebs_block_device.2671853018.volume_size": "2000",
                            "ebs_block_device.2671853018.volume_type": "st1",
                            "ebs_optimized": "true",
                            "ephemeral_block_device.#": "0",
                            "iam_instance_profile": "upena-profile",
                            "id": "i-0d96ad036da734c3f",
                            "instance_state": "running",
                            "instance_type": "r4.xlarge",
                            "key_name": "reco-prod",
                            "monitoring": "false",
                            "network_interface_id": "eni-dcfec98c",
                            "private_dns": "ip-10-126-107-79.us-west-2.compute.internal",
                            "private_ip": "10.126.107.79",
                            "public_dns": "",
                            "public_ip": "",
                            "root_block_device.#": "1",
                            "root_block_device.0.delete_on_termination": "true",
                            "root_block_device.0.iops": "0",
                            "root_block_device.0.volume_size": "8",
                            "root_block_device.0.volume_type": "standard",
                            "security_groups.#": "0",
                            "source_dest_check": "true",
                            "subnet_id": "subnet-6be90c33",
                            "tags.%": "7",
                            "tags.Account_name": "jive-reco-prod",
                            "tags.Jive_service": "upena",
                            "tags.Name": "prod-upena-data-i9",
                            "tags.Pipeline_phase": "prod",
                            "tags.Region": "us-west-2",
                            "tags.SLA": "prod",
                            "tags.Service_component": "upena-data",
                            "tenancy": "default",
                            "user_data": "50f17a6874daa70625669dc3325f5aeeabefe184",
                            "vpc_security_group_ids.#": "2",
                            "vpc_security_group_ids.318987293": "sg-aa9c41d2",
                            "vpc_security_group_ids.744384824": "sg-77687f10"
                        },
                        "meta": {
                            "schema_version": "1"
                        },
                        "tainted": false
                    },
                    "deposed": [],
                    "provider": ""
                },
                "aws_route53_record.upena_data_ri1": {
                    "type": "aws_route53_record",
                    "depends_on": [
                        "aws_instance.upena_data_i1"
                    ],
                    "primary": {
                        "id": "Z3G5VQCYCT435Y_prod-upena-data-i1_A",
                        "attributes": {
                            "fqdn": "prod-upena-data-i1.jiveprivate.com",
                            "health_check_id": "",
                            "id": "Z3G5VQCYCT435Y_prod-upena-data-i1_A",
                            "name": "prod-upena-data-i1",
                            "records.#": "1",
                            "records.2685917372": "10.126.97.69",
                            "set_identifier": "",
                            "ttl": "60",
                            "type": "A",
                            "zone_id": "Z3G5VQCYCT435Y"
                        },
                        "meta": {
                            "schema_version": "2"
                        },
                        "tainted": false
                    },
                    "deposed": [],
                    "provider": ""
                },
                "aws_route53_record.upena_data_ri2": {
                    "type": "aws_route53_record",
                    "depends_on": [
                        "aws_instance.upena_data_i2"
                    ],
                    "primary": {
                        "id": "Z3G5VQCYCT435Y_prod-upena-data-i2_A",
                        "attributes": {
                            "fqdn": "prod-upena-data-i2.jiveprivate.com",
                            "health_check_id": "",
                            "id": "Z3G5VQCYCT435Y_prod-upena-data-i2_A",
                            "name": "prod-upena-data-i2",
                            "records.#": "1",
                            "records.1806784552": "10.126.103.228",
                            "set_identifier": "",
                            "ttl": "60",
                            "type": "A",
                            "zone_id": "Z3G5VQCYCT435Y"
                        },
                        "meta": {
                            "schema_version": "2"
                        },
                        "tainted": false
                    },
                    "deposed": [],
                    "provider": ""
                },
                "aws_route53_record.upena_data_ri3": {
                    "type": "aws_route53_record",
                    "depends_on": [
                        "aws_instance.upena_data_i3"
                    ],
                    "primary": {
                        "id": "Z3G5VQCYCT435Y_prod-upena-data-i3_A",
                        "attributes": {
                            "fqdn": "prod-upena-data-i3.jiveprivate.com",
                            "health_check_id": "",
                            "id": "Z3G5VQCYCT435Y_prod-upena-data-i3_A",
                            "name": "prod-upena-data-i3",
                            "records.#": "1",
                            "records.1957814152": "10.126.105.68",
                            "set_identifier": "",
                            "ttl": "60",
                            "type": "A",
                            "zone_id": "Z3G5VQCYCT435Y"
                        },
                        "meta": {
                            "schema_version": "2"
                        },
                        "tainted": false
                    },
                    "deposed": [],
                    "provider": ""
                },
                "aws_route53_record.upena_data_ri4": {
                    "type": "aws_route53_record",
                    "depends_on": [
                        "aws_instance.upena_data_i4"
                    ],
                    "primary": {
                        "id": "Z3G5VQCYCT435Y_prod-upena-data-i4_A",
                        "attributes": {
                            "fqdn": "prod-upena-data-i4.jiveprivate.com",
                            "health_check_id": "",
                            "id": "Z3G5VQCYCT435Y_prod-upena-data-i4_A",
                            "name": "prod-upena-data-i4",
                            "records.#": "1",
                            "records.1342729546": "10.126.96.246",
                            "set_identifier": "",
                            "ttl": "60",
                            "type": "A",
                            "zone_id": "Z3G5VQCYCT435Y"
                        },
                        "meta": {
                            "schema_version": "2"
                        },
                        "tainted": false
                    },
                    "deposed": [],
                    "provider": ""
                },
                "aws_route53_record.upena_data_ri5": {
                    "type": "aws_route53_record",
                    "depends_on": [
                        "aws_instance.upena_data_i5"
                    ],
                    "primary": {
                        "id": "Z3G5VQCYCT435Y_prod-upena-data-i5_A",
                        "attributes": {
                            "fqdn": "prod-upena-data-i5.jiveprivate.com",
                            "health_check_id": "",
                            "id": "Z3G5VQCYCT435Y_prod-upena-data-i5_A",
                            "name": "prod-upena-data-i5",
                            "records.#": "1",
                            "records.2593614217": "10.126.102.9",
                            "set_identifier": "",
                            "ttl": "60",
                            "type": "A",
                            "zone_id": "Z3G5VQCYCT435Y"
                        },
                        "meta": {
                            "schema_version": "2"
                        },
                        "tainted": false
                    },
                    "deposed": [],
                    "provider": ""
                },
                "aws_route53_record.upena_data_ri6": {
                    "type": "aws_route53_record",
                    "depends_on": [
                        "aws_instance.upena_data_i6"
                    ],
                    "primary": {
                        "id": "Z3G5VQCYCT435Y_prod-upena-data-i6_A",
                        "attributes": {
                            "fqdn": "prod-upena-data-i6.jiveprivate.com",
                            "health_check_id": "",
                            "id": "Z3G5VQCYCT435Y_prod-upena-data-i6_A",
                            "name": "prod-upena-data-i6",
                            "records.#": "1",
                            "records.2779893825": "10.126.107.204",
                            "set_identifier": "",
                            "ttl": "60",
                            "type": "A",
                            "zone_id": "Z3G5VQCYCT435Y"
                        },
                        "meta": {
                            "schema_version": "2"
                        },
                        "tainted": false
                    },
                    "deposed": [],
                    "provider": ""
                },
                "aws_route53_record.upena_data_ri7": {
                    "type": "aws_route53_record",
                    "depends_on": [
                        "aws_instance.upena_data_i7"
                    ],
                    "primary": {
                        "id": "Z3G5VQCYCT435Y_prod-upena-data-i7_A",
                        "attributes": {
                            "fqdn": "prod-upena-data-i7.jiveprivate.com",
                            "health_check_id": "",
                            "id": "Z3G5VQCYCT435Y_prod-upena-data-i7_A",
                            "name": "prod-upena-data-i7",
                            "records.#": "1",
                            "records.1049949490": "10.126.97.89",
                            "set_identifier": "",
                            "ttl": "60",
                            "type": "A",
                            "zone_id": "Z3G5VQCYCT435Y"
                        },
                        "meta": {
                            "schema_version": "2"
                        },
                        "tainted": false
                    },
                    "deposed": [],
                    "provider": ""
                },
                "aws_route53_record.upena_data_ri8": {
                    "type": "aws_route53_record",
                    "depends_on": [
                        "aws_instance.upena_data_i8"
                    ],
                    "primary": {
                        "id": "Z3G5VQCYCT435Y_prod-upena-data-i8_A",
                        "attributes": {
                            "fqdn": "prod-upena-data-i8.jiveprivate.com",
                            "health_check_id": "",
                            "id": "Z3G5VQCYCT435Y_prod-upena-data-i8_A",
                            "name": "prod-upena-data-i8",
                            "records.#": "1",
                            "records.1129805490": "10.126.102.130",
                            "set_identifier": "",
                            "ttl": "60",
                            "type": "A",
                            "zone_id": "Z3G5VQCYCT435Y"
                        },
                        "meta": {
                            "schema_version": "2"
                        },
                        "tainted": false
                    },
                    "deposed": [],
                    "provider": ""
                },
                "aws_route53_record.upena_data_ri9": {
                    "type": "aws_route53_record",
                    "depends_on": [
                        "aws_instance.upena_data_i9"
                    ],
                    "primary": {
                        "id": "Z3G5VQCYCT435Y_prod-upena-data-i9_A",
                        "attributes": {
                            "fqdn": "prod-upena-data-i9.jiveprivate.com",
                            "health_check_id": "",
                            "id": "Z3G5VQCYCT435Y_prod-upena-data-i9_A",
                            "name": "prod-upena-data-i9",
                            "records.#": "1",
                            "records.2963543764": "10.126.107.79",
                            "set_identifier": "",
                            "ttl": "60",
                            "type": "A",
                            "zone_id": "Z3G5VQCYCT435Y"
                        },
                        "meta": {
                            "schema_version": "2"
                        },
                        "tainted": false
                    },
                    "deposed": [],
                    "provider": ""
                },
                "aws_security_group.upena_data_sg": {
                    "type": "aws_security_group",
                    "depends_on": [],
                    "primary": {
                        "id": "sg-aa9c41d2",
                        "attributes": {
                            "description": "Allows necessary communication between upena-data instances",
                            "egress.#": "0",
                            "id": "sg-aa9c41d2",
                            "ingress.#": "2",
                            "ingress.1251094559.cidr_blocks.#": "1",
                            "ingress.1251094559.cidr_blocks.0": "0.0.0.0/0",
                            "ingress.1251094559.from_port": "1175",
                            "ingress.1251094559.protocol": "tcp",
                            "ingress.1251094559.security_groups.#": "0",
                            "ingress.1251094559.self": "false",
                            "ingress.1251094559.to_port": "1175",
                            "ingress.3258786324.cidr_blocks.#": "1",
                            "ingress.3258786324.cidr_blocks.0": "0.0.0.0/0",
                            "ingress.3258786324.from_port": "10000",
                            "ingress.3258786324.protocol": "tcp",
                            "ingress.3258786324.security_groups.#": "0",
                            "ingress.3258786324.self": "false",
                            "ingress.3258786324.to_port": "11000",
                            "name": "prod-upena-data",
                            "owner_id": "870846026232",
                            "tags.%": "7",
                            "tags.Account_name": "jive-reco-prod",
                            "tags.Jive_service": "upena",
                            "tags.Name": "prod-upena-data",
                            "tags.Pipeline_phase": "prod",
                            "tags.Region": "us-west-2",
                            "tags.SLA": "prod",
                            "tags.Service_component": "upena-data",
                            "vpc_id": "vpc-e7883c83"
                        },
                        "meta": {},
                        "tainted": false
                    },
                    "deposed": [],
                    "provider": ""
                },
                "aws_volume_attachment.upena_data_i1_av0": {
                    "type": "aws_volume_attachment",
                    "depends_on": [
                        "aws_ebs_volume.upena_data_i1_v0",
                        "aws_instance.upena_data_i1"
                    ],
                    "primary": {
                        "id": "vai-2789798638",
                        "attributes": {
                            "device_name": "/dev/sdd",
                            "force_detach": "true",
                            "id": "vai-2789798638",
                            "instance_id": "i-0bc69476568b8cf1e",
                            "volume_id": "vol-081c8fd4673c86327"
                        },
                        "meta": {},
                        "tainted": false
                    },
                    "deposed": [],
                    "provider": ""
                },
                "aws_volume_attachment.upena_data_i1_av1": {
                    "type": "aws_volume_attachment",
                    "depends_on": [
                        "aws_ebs_volume.upena_data_i1_v1",
                        "aws_instance.upena_data_i1"
                    ],
                    "primary": {
                        "id": "vai-2577309701",
                        "attributes": {
                            "device_name": "/dev/sde",
                            "force_detach": "true",
                            "id": "vai-2577309701",
                            "instance_id": "i-0bc69476568b8cf1e",
                            "volume_id": "vol-0243d5e25900cf844"
                        },
                        "meta": {},
                        "tainted": false
                    },
                    "deposed": [],
                    "provider": ""
                },
                "aws_volume_attachment.upena_data_i1_av2": {
                    "type": "aws_volume_attachment",
                    "depends_on": [
                        "aws_ebs_volume.upena_data_i1_v2",
                        "aws_instance.upena_data_i1"
                    ],
                    "primary": {
                        "id": "vai-129717351",
                        "attributes": {
                            "device_name": "/dev/sdf",
                            "force_detach": "true",
                            "id": "vai-129717351",
                            "instance_id": "i-0bc69476568b8cf1e",
                            "volume_id": "vol-098d704f572cdaed8"
                        },
                        "meta": {},
                        "tainted": false
                    },
                    "deposed": [],
                    "provider": ""
                },
                "aws_volume_attachment.upena_data_i1_av3": {
                    "type": "aws_volume_attachment",
                    "depends_on": [
                        "aws_ebs_volume.upena_data_i1_v3",
                        "aws_instance.upena_data_i1"
                    ],
                    "primary": {
                        "id": "vai-3433067057",
                        "attributes": {
                            "device_name": "/dev/sdg",
                            "force_detach": "true",
                            "id": "vai-3433067057",
                            "instance_id": "i-0bc69476568b8cf1e",
                            "volume_id": "vol-03fd30af8d391ff43"
                        },
                        "meta": {},
                        "tainted": false
                    },
                    "deposed": [],
                    "provider": ""
                },
                "aws_volume_attachment.upena_data_i2_av0": {
                    "type": "aws_volume_attachment",
                    "depends_on": [
                        "aws_ebs_volume.upena_data_i2_v0",
                        "aws_instance.upena_data_i2"
                    ],
                    "primary": {
                        "id": "vai-2770071118",
                        "attributes": {
                            "device_name": "/dev/sdd",
                            "force_detach": "true",
                            "id": "vai-2770071118",
                            "instance_id": "i-0c17a6baf4606c5f9",
                            "volume_id": "vol-030ea7d508272b006"
                        },
                        "meta": {},
                        "tainted": false
                    },
                    "deposed": [],
                    "provider": ""
                },
                "aws_volume_attachment.upena_data_i2_av1": {
                    "type": "aws_volume_attachment",
                    "depends_on": [
                        "aws_ebs_volume.upena_data_i2_v1",
                        "aws_instance.upena_data_i2"
                    ],
                    "primary": {
                        "id": "vai-3622152204",
                        "attributes": {
                            "device_name": "/dev/sde",
                            "force_detach": "true",
                            "id": "vai-3622152204",
                            "instance_id": "i-0c17a6baf4606c5f9",
                            "volume_id": "vol-0de8fbf554a003677"
                        },
                        "meta": {},
                        "tainted": false
                    },
                    "deposed": [],
                    "provider": ""
                },
                "aws_volume_attachment.upena_data_i2_av2": {
                    "type": "aws_volume_attachment",
                    "depends_on": [
                        "aws_ebs_volume.upena_data_i2_v2",
                        "aws_instance.upena_data_i2"
                    ],
                    "primary": {
                        "id": "vai-3729016471",
                        "attributes": {
                            "device_name": "/dev/sdf",
                            "force_detach": "true",
                            "id": "vai-3729016471",
                            "instance_id": "i-0c17a6baf4606c5f9",
                            "volume_id": "vol-0b6b3c2a22ad27dff"
                        },
                        "meta": {},
                        "tainted": false
                    },
                    "deposed": [],
                    "provider": ""
                },
                "aws_volume_attachment.upena_data_i2_av3": {
                    "type": "aws_volume_attachment",
                    "depends_on": [
                        "aws_ebs_volume.upena_data_i2_v3",
                        "aws_instance.upena_data_i2"
                    ],
                    "primary": {
                        "id": "vai-2948437847",
                        "attributes": {
                            "device_name": "/dev/sdg",
                            "force_detach": "true",
                            "id": "vai-2948437847",
                            "instance_id": "i-0c17a6baf4606c5f9",
                            "volume_id": "vol-094c1561e4f0ec72d"
                        },
                        "meta": {},
                        "tainted": false
                    },
                    "deposed": [],
                    "provider": ""
                },
                "aws_volume_attachment.upena_data_i3_av0": {
                    "type": "aws_volume_attachment",
                    "depends_on": [
                        "aws_ebs_volume.upena_data_i3_v0",
                        "aws_instance.upena_data_i3"
                    ],
                    "primary": {
                        "id": "vai-933261145",
                        "attributes": {
                            "device_name": "/dev/sdd",
                            "force_detach": "true",
                            "id": "vai-933261145",
                            "instance_id": "i-0e7777e2867e6e5f8",
                            "volume_id": "vol-0076d64bf8bb41577"
                        },
                        "meta": {},
                        "tainted": false
                    },
                    "deposed": [],
                    "provider": ""
                },
                "aws_volume_attachment.upena_data_i3_av1": {
                    "type": "aws_volume_attachment",
                    "depends_on": [
                        "aws_ebs_volume.upena_data_i3_v1",
                        "aws_instance.upena_data_i3"
                    ],
                    "primary": {
                        "id": "vai-1916704340",
                        "attributes": {
                            "device_name": "/dev/sde",
                            "force_detach": "true",
                            "id": "vai-1916704340",
                            "instance_id": "i-0e7777e2867e6e5f8",
                            "volume_id": "vol-01cfad3e312599950"
                        },
                        "meta": {},
                        "tainted": false
                    },
                    "deposed": [],
                    "provider": ""
                },
                "aws_volume_attachment.upena_data_i3_av2": {
                    "type": "aws_volume_attachment",
                    "depends_on": [
                        "aws_ebs_volume.upena_data_i3_v2",
                        "aws_instance.upena_data_i3"
                    ],
                    "primary": {
                        "id": "vai-2108253707",
                        "attributes": {
                            "device_name": "/dev/sdf",
                            "force_detach": "true",
                            "id": "vai-2108253707",
                            "instance_id": "i-0e7777e2867e6e5f8",
                            "volume_id": "vol-09b55b0589481a555"
                        },
                        "meta": {},
                        "tainted": false
                    },
                    "deposed": [],
                    "provider": ""
                },
                "aws_volume_attachment.upena_data_i3_av3": {
                    "type": "aws_volume_attachment",
                    "depends_on": [
                        "aws_ebs_volume.upena_data_i3_v3",
                        "aws_instance.upena_data_i3"
                    ],
                    "primary": {
                        "id": "vai-1868461655",
                        "attributes": {
                            "device_name": "/dev/sdg",
                            "force_detach": "true",
                            "id": "vai-1868461655",
                            "instance_id": "i-0e7777e2867e6e5f8",
                            "volume_id": "vol-0306f5c2ed5f03a89"
                        },
                        "meta": {},
                        "tainted": false
                    },
                    "deposed": [],
                    "provider": ""
                },
                "aws_volume_attachment.upena_data_i4_av0": {
                    "type": "aws_volume_attachment",
                    "depends_on": [
                        "aws_ebs_volume.upena_data_i4_v0",
                        "aws_instance.upena_data_i4"
                    ],
                    "primary": {
                        "id": "vai-93823499",
                        "attributes": {
                            "device_name": "/dev/sdd",
                            "force_detach": "true",
                            "id": "vai-93823499",
                            "instance_id": "i-023b35ee725bd0a12",
                            "volume_id": "vol-017e5d11e58815978"
                        },
                        "meta": {},
                        "tainted": false
                    },
                    "deposed": [],
                    "provider": ""
                },
                "aws_volume_attachment.upena_data_i4_av1": {
                    "type": "aws_volume_attachment",
                    "depends_on": [
                        "aws_ebs_volume.upena_data_i4_v1",
                        "aws_instance.upena_data_i4"
                    ],
                    "primary": {
                        "id": "vai-12374721",
                        "attributes": {
                            "device_name": "/dev/sde",
                            "force_detach": "true",
                            "id": "vai-12374721",
                            "instance_id": "i-023b35ee725bd0a12",
                            "volume_id": "vol-0b7e06cd1700d37cf"
                        },
                        "meta": {},
                        "tainted": false
                    },
                    "deposed": [],
                    "provider": ""
                },
                "aws_volume_attachment.upena_data_i4_av2": {
                    "type": "aws_volume_attachment",
                    "depends_on": [
                        "aws_ebs_volume.upena_data_i4_v2",
                        "aws_instance.upena_data_i4"
                    ],
                    "primary": {
                        "id": "vai-3719774856",
                        "attributes": {
                            "device_name": "/dev/sdf",
                            "force_detach": "true",
                            "id": "vai-3719774856",
                            "instance_id": "i-023b35ee725bd0a12",
                            "volume_id": "vol-080917f74463d86bd"
                        },
                        "meta": {},
                        "tainted": false
                    },
                    "deposed": [],
                    "provider": ""
                },
                "aws_volume_attachment.upena_data_i4_av3": {
                    "type": "aws_volume_attachment",
                    "depends_on": [
                        "aws_ebs_volume.upena_data_i4_v3",
                        "aws_instance.upena_data_i4"
                    ],
                    "primary": {
                        "id": "vai-1358561958",
                        "attributes": {
                            "device_name": "/dev/sdg",
                            "force_detach": "true",
                            "id": "vai-1358561958",
                            "instance_id": "i-023b35ee725bd0a12",
                            "volume_id": "vol-0abe2d7208e7e774c"
                        },
                        "meta": {},
                        "tainted": false
                    },
                    "deposed": [],
                    "provider": ""
                },
                "aws_volume_attachment.upena_data_i5_av0": {
                    "type": "aws_volume_attachment",
                    "depends_on": [
                        "aws_ebs_volume.upena_data_i5_v0",
                        "aws_instance.upena_data_i5"
                    ],
                    "primary": {
                        "id": "vai-2799602378",
                        "attributes": {
                            "device_name": "/dev/sdd",
                            "force_detach": "true",
                            "id": "vai-2799602378",
                            "instance_id": "i-02b6e02f2210d0e5a",
                            "volume_id": "vol-012357102ab8140d6"
                        },
                        "meta": {},
                        "tainted": false
                    },
                    "deposed": [],
                    "provider": ""
                },
                "aws_volume_attachment.upena_data_i5_av1": {
                    "type": "aws_volume_attachment",
                    "depends_on": [
                        "aws_ebs_volume.upena_data_i5_v1",
                        "aws_instance.upena_data_i5"
                    ],
                    "primary": {
                        "id": "vai-2098498096",
                        "attributes": {
                            "device_name": "/dev/sde",
                            "force_detach": "true",
                            "id": "vai-2098498096",
                            "instance_id": "i-02b6e02f2210d0e5a",
                            "volume_id": "vol-0970b474aa31fec95"
                        },
                        "meta": {},
                        "tainted": false
                    },
                    "deposed": [],
                    "provider": ""
                },
                "aws_volume_attachment.upena_data_i5_av2": {
                    "type": "aws_volume_attachment",
                    "depends_on": [
                        "aws_ebs_volume.upena_data_i5_v2",
                        "aws_instance.upena_data_i5"
                    ],
                    "primary": {
                        "id": "vai-353244365",
                        "attributes": {
                            "device_name": "/dev/sdf",
                            "force_detach": "true",
                            "id": "vai-353244365",
                            "instance_id": "i-02b6e02f2210d0e5a",
                            "volume_id": "vol-0cdec3ab740b07b39"
                        },
                        "meta": {},
                        "tainted": false
                    },
                    "deposed": [],
                    "provider": ""
                },
                "aws_volume_attachment.upena_data_i5_av3": {
                    "type": "aws_volume_attachment",
                    "depends_on": [
                        "aws_ebs_volume.upena_data_i5_v3",
                        "aws_instance.upena_data_i5"
                    ],
                    "primary": {
                        "id": "vai-1352632207",
                        "attributes": {
                            "device_name": "/dev/sdg",
                            "force_detach": "true",
                            "id": "vai-1352632207",
                            "instance_id": "i-02b6e02f2210d0e5a",
                            "volume_id": "vol-091e4e2959de68449"
                        },
                        "meta": {},
                        "tainted": false
                    },
                    "deposed": [],
                    "provider": ""
                },
                "aws_volume_attachment.upena_data_i6_av0": {
                    "type": "aws_volume_attachment",
                    "depends_on": [
                        "aws_ebs_volume.upena_data_i6_v0",
                        "aws_instance.upena_data_i6"
                    ],
                    "primary": {
                        "id": "vai-280986696",
                        "attributes": {
                            "device_name": "/dev/sdd",
                            "force_detach": "true",
                            "id": "vai-280986696",
                            "instance_id": "i-0b5fea8559ea89702",
                            "volume_id": "vol-0fb3e564fa65422ce"
                        },
                        "meta": {},
                        "tainted": false
                    },
                    "deposed": [],
                    "provider": ""
                },
                "aws_volume_attachment.upena_data_i6_av1": {
                    "type": "aws_volume_attachment",
                    "depends_on": [
                        "aws_ebs_volume.upena_data_i6_v1",
                        "aws_instance.upena_data_i6"
                    ],
                    "primary": {
                        "id": "vai-372833056",
                        "attributes": {
                            "device_name": "/dev/sde",
                            "force_detach": "true",
                            "id": "vai-372833056",
                            "instance_id": "i-0b5fea8559ea89702",
                            "volume_id": "vol-0b8d35fee210c398b"
                        },
                        "meta": {},
                        "tainted": false
                    },
                    "deposed": [],
                    "provider": ""
                },
                "aws_volume_attachment.upena_data_i6_av2": {
                    "type": "aws_volume_attachment",
                    "depends_on": [
                        "aws_ebs_volume.upena_data_i6_v2",
                        "aws_instance.upena_data_i6"
                    ],
                    "primary": {
                        "id": "vai-1044161931",
                        "attributes": {
                            "device_name": "/dev/sdf",
                            "force_detach": "true",
                            "id": "vai-1044161931",
                            "instance_id": "i-0b5fea8559ea89702",
                            "volume_id": "vol-00daa446d9475d7f0"
                        },
                        "meta": {},
                        "tainted": false
                    },
                    "deposed": [],
                    "provider": ""
                },
                "aws_volume_attachment.upena_data_i6_av3": {
                    "type": "aws_volume_attachment",
                    "depends_on": [
                        "aws_ebs_volume.upena_data_i6_v3",
                        "aws_instance.upena_data_i6"
                    ],
                    "primary": {
                        "id": "vai-328177927",
                        "attributes": {
                            "device_name": "/dev/sdg",
                            "force_detach": "true",
                            "id": "vai-328177927",
                            "instance_id": "i-0b5fea8559ea89702",
                            "volume_id": "vol-095495a9e67ca193e"
                        },
                        "meta": {},
                        "tainted": false
                    },
                    "deposed": [],
                    "provider": ""
                },
                "aws_volume_attachment.upena_data_i7_av0": {
                    "type": "aws_volume_attachment",
                    "depends_on": [
                        "aws_ebs_volume.upena_data_i7_v0",
                        "aws_instance.upena_data_i7"
                    ],
                    "primary": {
                        "id": "vai-2892101951",
                        "attributes": {
                            "device_name": "/dev/sdd",
                            "force_detach": "true",
                            "id": "vai-2892101951",
                            "instance_id": "i-0952c7b6d982b4706",
                            "volume_id": "vol-0caaaa581c11207a3"
                        },
                        "meta": {},
                        "tainted": false
                    },
                    "deposed": [],
                    "provider": ""
                },
                "aws_volume_attachment.upena_data_i7_av1": {
                    "type": "aws_volume_attachment",
                    "depends_on": [
                        "aws_ebs_volume.upena_data_i7_v1",
                        "aws_instance.upena_data_i7"
                    ],
                    "primary": {
                        "id": "vai-3217060379",
                        "attributes": {
                            "device_name": "/dev/sde",
                            "force_detach": "true",
                            "id": "vai-3217060379",
                            "instance_id": "i-0952c7b6d982b4706",
                            "volume_id": "vol-0b61d750b1b53f2b9"
                        },
                        "meta": {},
                        "tainted": false
                    },
                    "deposed": [],
                    "provider": ""
                },
                "aws_volume_attachment.upena_data_i7_av2": {
                    "type": "aws_volume_attachment",
                    "depends_on": [
                        "aws_ebs_volume.upena_data_i7_v2",
                        "aws_instance.upena_data_i7"
                    ],
                    "primary": {
                        "id": "vai-1915522967",
                        "attributes": {
                            "device_name": "/dev/sdf",
                            "force_detach": "true",
                            "id": "vai-1915522967",
                            "instance_id": "i-0952c7b6d982b4706",
                            "volume_id": "vol-056cc369d33c73af8"
                        },
                        "meta": {},
                        "tainted": false
                    },
                    "deposed": [],
                    "provider": ""
                },
                "aws_volume_attachment.upena_data_i7_av3": {
                    "type": "aws_volume_attachment",
                    "depends_on": [
                        "aws_ebs_volume.upena_data_i7_v3",
                        "aws_instance.upena_data_i7"
                    ],
                    "primary": {
                        "id": "vai-2968554790",
                        "attributes": {
                            "device_name": "/dev/sdg",
                            "force_detach": "true",
                            "id": "vai-2968554790",
                            "instance_id": "i-0952c7b6d982b4706",
                            "volume_id": "vol-09354874217ce03df"
                        },
                        "meta": {},
                        "tainted": false
                    },
                    "deposed": [],
                    "provider": ""
                },
                "aws_volume_attachment.upena_data_i8_av0": {
                    "type": "aws_volume_attachment",
                    "depends_on": [
                        "aws_ebs_volume.upena_data_i8_v0",
                        "aws_instance.upena_data_i8"
                    ],
                    "primary": {
                        "id": "vai-1087970175",
                        "attributes": {
                            "device_name": "/dev/sdd",
                            "force_detach": "true",
                            "id": "vai-1087970175",
                            "instance_id": "i-0492702da3ef856ef",
                            "volume_id": "vol-0b50faf210991f647"
                        },
                        "meta": {},
                        "tainted": false
                    },
                    "deposed": [],
                    "provider": ""
                },
                "aws_volume_attachment.upena_data_i8_av1": {
                    "type": "aws_volume_attachment",
                    "depends_on": [
                        "aws_ebs_volume.upena_data_i8_v1",
                        "aws_instance.upena_data_i8"
                    ],
                    "primary": {
                        "id": "vai-2918543392",
                        "attributes": {
                            "device_name": "/dev/sde",
                            "force_detach": "true",
                            "id": "vai-2918543392",
                            "instance_id": "i-0492702da3ef856ef",
                            "volume_id": "vol-050dd167bd5cd9778"
                        },
                        "meta": {},
                        "tainted": false
                    },
                    "deposed": [],
                    "provider": ""
                },
                "aws_volume_attachment.upena_data_i8_av2": {
                    "type": "aws_volume_attachment",
                    "depends_on": [
                        "aws_ebs_volume.upena_data_i8_v2",
                        "aws_instance.upena_data_i8"
                    ],
                    "primary": {
                        "id": "vai-4148546600",
                        "attributes": {
                            "device_name": "/dev/sdf",
                            "force_detach": "true",
                            "id": "vai-4148546600",
                            "instance_id": "i-0492702da3ef856ef",
                            "volume_id": "vol-0c8a6565d10e7eeb5"
                        },
                        "meta": {},
                        "tainted": false
                    },
                    "deposed": [],
                    "provider": ""
                },
                "aws_volume_attachment.upena_data_i8_av3": {
                    "type": "aws_volume_attachment",
                    "depends_on": [
                        "aws_ebs_volume.upena_data_i8_v3",
                        "aws_instance.upena_data_i8"
                    ],
                    "primary": {
                        "id": "vai-3063849531",
                        "attributes": {
                            "device_name": "/dev/sdg",
                            "force_detach": "true",
                            "id": "vai-3063849531",
                            "instance_id": "i-0492702da3ef856ef",
                            "volume_id": "vol-0c5ee40db99a12fb6"
                        },
                        "meta": {},
                        "tainted": false
                    },
                    "deposed": [],
                    "provider": ""
                },
                "aws_volume_attachment.upena_data_i9_av0": {
                    "type": "aws_volume_attachment",
                    "depends_on": [
                        "aws_ebs_volume.upena_data_i9_v0",
                        "aws_instance.upena_data_i9"
                    ],
                    "primary": {
                        "id": "vai-3740386785",
                        "attributes": {
                            "device_name": "/dev/sdd",
                            "force_detach": "true",
                            "id": "vai-3740386785",
                            "instance_id": "i-0d96ad036da734c3f",
                            "volume_id": "vol-0385bc85e606cd4b3"
                        },
                        "meta": {},
                        "tainted": false
                    },
                    "deposed": [],
                    "provider": ""
                },
                "aws_volume_attachment.upena_data_i9_av1": {
                    "type": "aws_volume_attachment",
                    "depends_on": [
                        "aws_ebs_volume.upena_data_i9_v1",
                        "aws_instance.upena_data_i9"
                    ],
                    "primary": {
                        "id": "vai-2925804986",
                        "attributes": {
                            "device_name": "/dev/sde",
                            "force_detach": "true",
                            "id": "vai-2925804986",
                            "instance_id": "i-0d96ad036da734c3f",
                            "volume_id": "vol-01ec84523ad5bfa9c"
                        },
                        "meta": {},
                        "tainted": false
                    },
                    "deposed": [],
                    "provider": ""
                },
                "aws_volume_attachment.upena_data_i9_av2": {
                    "type": "aws_volume_attachment",
                    "depends_on": [
                        "aws_ebs_volume.upena_data_i9_v2",
                        "aws_instance.upena_data_i9"
                    ],
                    "primary": {
                        "id": "vai-129878926",
                        "attributes": {
                            "device_name": "/dev/sdf",
                            "force_detach": "true",
                            "id": "vai-129878926",
                            "instance_id": "i-0d96ad036da734c3f",
                            "volume_id": "vol-0658cfe7c275da30c"
                        },
                        "meta": {},
                        "tainted": false
                    },
                    "deposed": [],
                    "provider": ""
                },
                "aws_volume_attachment.upena_data_i9_av3": {
                    "type": "aws_volume_attachment",
                    "depends_on": [
                        "aws_ebs_volume.upena_data_i9_v3",
                        "aws_instance.upena_data_i9"
                    ],
                    "primary": {
                        "id": "vai-708614116",
                        "attributes": {
                            "device_name": "/dev/sdg",
                            "force_detach": "true",
                            "id": "vai-708614116",
                            "instance_id": "i-0d96ad036da734c3f",
                            "volume_id": "vol-0e5e55bfe110412c1"
                        },
                        "meta": {},
                        "tainted": false
                    },
                    "deposed": [],
                    "provider": ""
                }
            },
            "depends_on": []
        }
    ]
}
