{
    "version": 3,
    "terraform_version": "0.9.2",
    "serial": 23,
    "lineage": "3c0f4099-f075-40c0-b512-690f080a936b",
    "modules": [
        {
            "path": [
                "root"
            ],
            "outputs": {},
            "resources": {
                "aws_eip.natgw.0": {
                    "type": "aws_eip",
                    "depends_on": [],
                    "primary": {
                        "id": "eipalloc-70eb1817",
                        "attributes": {
                            "association_id": "eipassoc-ca6616f0",
                            "domain": "vpc",
                            "id": "eipalloc-70eb1817",
                            "instance": "",
                            "network_interface": "eni-01292029",
                            "private_ip": "10.122.76.64",
                            "public_ip": "52.43.61.135",
                            "vpc": "true"
                        },
                        "meta": {},
                        "tainted": false
                    },
                    "deposed": [],
                    "provider": ""
                },
                "aws_eip.natgw.1": {
                    "type": "aws_eip",
                    "depends_on": [],
                    "primary": {
                        "id": "eipalloc-a6d1489c",
                        "attributes": {
                            "association_id": "eipassoc-986111a2",
                            "domain": "vpc",
                            "id": "eipalloc-a6d1489c",
                            "instance": "",
                            "network_interface": "eni-58f6df62",
                            "private_ip": "10.122.76.146",
                            "public_ip": "35.163.40.231",
                            "vpc": "true"
                        },
                        "meta": {},
                        "tainted": false
                    },
                    "deposed": [],
                    "provider": ""
                },
                "aws_eip.natgw.2": {
                    "type": "aws_eip",
                    "depends_on": [],
                    "primary": {
                        "id": "eipalloc-54d0496e",
                        "attributes": {
                            "association_id": "eipassoc-fd6212c7",
                            "domain": "vpc",
                            "id": "eipalloc-54d0496e",
                            "instance": "",
                            "network_interface": "eni-a3bcc2af",
                            "private_ip": "10.122.77.104",
                            "public_ip": "52.35.6.209",
                            "vpc": "true"
                        },
                        "meta": {},
                        "tainted": false
                    },
                    "deposed": [],
                    "provider": ""
                },
                "aws_internet_gateway.igw": {
                    "type": "aws_internet_gateway",
                    "depends_on": [
                        "aws_vpc.main"
                    ],
                    "primary": {
                        "id": "igw-fa854d9e",
                        "attributes": {
                            "id": "igw-fa854d9e",
                            "tags.%": "5",
                            "tags.Name": "pipeline-jcx-igw",
                            "tags.account_name": "jive-microservices-pipeline",
                            "tags.pipeline_phase": "pipeline-jcx",
                            "tags.region": "us-west-2",
                            "tags.sla": "non-prod",
                            "vpc_id": "vpc-52c5e836"
                        },
                        "meta": {},
                        "tainted": false
                    },
                    "deposed": [],
                    "provider": ""
                },
                "aws_nat_gateway.natgw.0": {
                    "type": "aws_nat_gateway",
                    "depends_on": [
                        "aws_eip.natgw.*",
                        "aws_internet_gateway.igw",
                        "aws_subnet.public.*"
                    ],
                    "primary": {
                        "id": "nat-06b5770f5e672af0e",
                        "attributes": {
                            "allocation_id": "eipalloc-70eb1817",
                            "id": "nat-06b5770f5e672af0e",
                            "network_interface_id": "eni-01292029",
                            "private_ip": "10.122.76.64",
                            "public_ip": "52.43.61.135",
                            "subnet_id": "subnet-699ecd0d"
                        },
                        "meta": {},
                        "tainted": false
                    },
                    "deposed": [],
                    "provider": ""
                },
                "aws_nat_gateway.natgw.1": {
                    "type": "aws_nat_gateway",
                    "depends_on": [
                        "aws_eip.natgw.*",
                        "aws_internet_gateway.igw",
                        "aws_subnet.public.*"
                    ],
                    "primary": {
                        "id": "nat-088166ee416826571",
                        "attributes": {
                            "allocation_id": "eipalloc-a6d1489c",
                            "id": "nat-088166ee416826571",
                            "network_interface_id": "eni-58f6df62",
                            "private_ip": "10.122.76.146",
                            "public_ip": "35.163.40.231",
                            "subnet_id": "subnet-0a177c7c"
                        },
                        "meta": {},
                        "tainted": false
                    },
                    "deposed": [],
                    "provider": ""
                },
                "aws_nat_gateway.natgw.2": {
                    "type": "aws_nat_gateway",
                    "depends_on": [
                        "aws_eip.natgw.*",
                        "aws_internet_gateway.igw",
                        "aws_subnet.public.*"
                    ],
                    "primary": {
                        "id": "nat-0e9d2a7ca54420ee7",
                        "attributes": {
                            "allocation_id": "eipalloc-54d0496e",
                            "id": "nat-0e9d2a7ca54420ee7",
                            "network_interface_id": "eni-a3bcc2af",
                            "private_ip": "10.122.77.104",
                            "public_ip": "52.35.6.209",
                            "subnet_id": "subnet-97ab1ecf"
                        },
                        "meta": {},
                        "tainted": false
                    },
                    "deposed": [],
                    "provider": ""
                },
                "aws_route.bastion_natdc.0": {
                    "type": "aws_route",
                    "depends_on": [
                        "aws_route_table.natdc.*",
                        "aws_vpc_peering_connection.infra"
                    ],
                    "primary": {
                        "id": "r-rtb-60b6ac043003448856",
                        "attributes": {
                            "destination_cidr_block": "10.127.30.7/32",
                            "destination_prefix_list_id": "",
                            "egress_only_gateway_id": "",
                            "gateway_id": "",
                            "id": "r-rtb-60b6ac043003448856",
                            "instance_id": "",
                            "instance_owner_id": "",
                            "nat_gateway_id": "",
                            "network_interface_id": "",
                            "origin": "CreateRoute",
                            "route_table_id": "rtb-60b6ac04",
                            "state": "active",
                            "vpc_peering_connection_id": "pcx-7fe85416"
                        },
                        "meta": {},
                        "tainted": false
                    },
                    "deposed": [],
                    "provider": ""
                },
                "aws_route.bastion_natdc.1": {
                    "type": "aws_route",
                    "depends_on": [
                        "aws_route_table.natdc.*",
                        "aws_vpc_peering_connection.infra"
                    ],
                    "primary": {
                        "id": "r-rtb-fd8f539b3003448856",
                        "attributes": {
                            "destination_cidr_block": "10.127.30.7/32",
                            "destination_prefix_list_id": "",
                            "egress_only_gateway_id": "",
                            "gateway_id": "",
                            "id": "r-rtb-fd8f539b3003448856",
                            "instance_id": "",
                            "instance_owner_id": "",
                            "nat_gateway_id": "",
                            "network_interface_id": "",
                            "origin": "CreateRoute",
                            "route_table_id": "rtb-fd8f539b",
                            "state": "active",
                            "vpc_peering_connection_id": "pcx-7fe85416"
                        },
                        "meta": {},
                        "tainted": false
                    },
                    "deposed": [],
                    "provider": ""
                },
                "aws_route.bastion_natdc.2": {
                    "type": "aws_route",
                    "depends_on": [
                        "aws_route_table.natdc.*",
                        "aws_vpc_peering_connection.infra"
                    ],
                    "primary": {
                        "id": "r-rtb-208b57463003448856",
                        "attributes": {
                            "destination_cidr_block": "10.127.30.7/32",
                            "destination_prefix_list_id": "",
                            "egress_only_gateway_id": "",
                            "gateway_id": "",
                            "id": "r-rtb-208b57463003448856",
                            "instance_id": "",
                            "instance_owner_id": "",
                            "nat_gateway_id": "",
                            "network_interface_id": "",
                            "origin": "CreateRoute",
                            "route_table_id": "rtb-208b5746",
                            "state": "active",
                            "vpc_peering_connection_id": "pcx-7fe85416"
                        },
                        "meta": {},
                        "tainted": false
                    },
                    "deposed": [],
                    "provider": ""
                },
                "aws_route.bastion_private": {
                    "type": "aws_route",
                    "depends_on": [
                        "aws_route_table.private",
                        "aws_vpc_peering_connection.infra"
                    ],
                    "primary": {
                        "id": "r-rtb-fab1ab9e3003448856",
                        "attributes": {
                            "destination_cidr_block": "10.127.30.7/32",
                            "destination_prefix_list_id": "",
                            "egress_only_gateway_id": "",
                            "gateway_id": "",
                            "id": "r-rtb-fab1ab9e3003448856",
                            "instance_id": "",
                            "instance_owner_id": "",
                            "nat_gateway_id": "",
                            "network_interface_id": "",
                            "origin": "CreateRoute",
                            "route_table_id": "rtb-fab1ab9e",
                            "state": "active",
                            "vpc_peering_connection_id": "pcx-7fe85416"
                        },
                        "meta": {},
                        "tainted": false
                    },
                    "deposed": [],
                    "provider": ""
                },
                "aws_route.bastion_public": {
                    "type": "aws_route",
                    "depends_on": [
                        "aws_route_table.public",
                        "aws_vpc_peering_connection.infra"
                    ],
                    "primary": {
                        "id": "r-rtb-c4b1aba03003448856",
                        "attributes": {
                            "destination_cidr_block": "10.127.30.7/32",
                            "destination_prefix_list_id": "",
                            "egress_only_gateway_id": "",
                            "gateway_id": "",
                            "id": "r-rtb-c4b1aba03003448856",
                            "instance_id": "",
                            "instance_owner_id": "",
                            "nat_gateway_id": "",
                            "network_interface_id": "",
                            "origin": "CreateRoute",
                            "route_table_id": "rtb-c4b1aba0",
                            "state": "active",
                            "vpc_peering_connection_id": "pcx-7fe85416"
                        },
                        "meta": {},
                        "tainted": false
                    },
                    "deposed": [],
                    "provider": ""
                },
                "aws_route.bikou_vpc_natdc.0": {
                    "type": "aws_route",
                    "depends_on": [
                        "aws_route_table.natdc.*",
                        "aws_vpc_peering_connection.bikou"
                    ],
                    "primary": {
                        "id": "r-rtb-60b6ac044095544594",
                        "attributes": {
                            "destination_cidr_block": "10.121.0.0/16",
                            "destination_prefix_list_id": "",
                            "egress_only_gateway_id": "",
                            "gateway_id": "",
                            "id": "r-rtb-60b6ac044095544594",
                            "instance_id": "",
                            "instance_owner_id": "",
                            "nat_gateway_id": "",
                            "network_interface_id": "",
                            "origin": "CreateRoute",
                            "route_table_id": "rtb-60b6ac04",
                            "state": "blackhole",
                            "vpc_peering_connection_id": "pcx-2c189045"
                        },
                        "meta": {},
                        "tainted": false
                    },
                    "deposed": [],
                    "provider": ""
                },
                "aws_route.bikou_vpc_natdc.1": {
                    "type": "aws_route",
                    "depends_on": [
                        "aws_route_table.natdc.*",
                        "aws_vpc_peering_connection.bikou"
                    ],
                    "primary": {
                        "id": "r-rtb-fd8f539b4095544594",
                        "attributes": {
                            "destination_cidr_block": "10.121.0.0/16",
                            "destination_prefix_list_id": "",
                            "egress_only_gateway_id": "",
                            "gateway_id": "",
                            "id": "r-rtb-fd8f539b4095544594",
                            "instance_id": "",
                            "instance_owner_id": "",
                            "nat_gateway_id": "",
                            "network_interface_id": "",
                            "origin": "CreateRoute",
                            "route_table_id": "rtb-fd8f539b",
                            "state": "blackhole",
                            "vpc_peering_connection_id": "pcx-2c189045"
                        },
                        "meta": {},
                        "tainted": false
                    },
                    "deposed": [],
                    "provider": ""
                },
                "aws_route.bikou_vpc_natdc.2": {
                    "type": "aws_route",
                    "depends_on": [
                        "aws_route_table.natdc.*",
                        "aws_vpc_peering_connection.bikou"
                    ],
                    "primary": {
                        "id": "r-rtb-208b57464095544594",
                        "attributes": {
                            "destination_cidr_block": "10.121.0.0/16",
                            "destination_prefix_list_id": "",
                            "egress_only_gateway_id": "",
                            "gateway_id": "",
                            "id": "r-rtb-208b57464095544594",
                            "instance_id": "",
                            "instance_owner_id": "",
                            "nat_gateway_id": "",
                            "network_interface_id": "",
                            "origin": "CreateRoute",
                            "route_table_id": "rtb-208b5746",
                            "state": "blackhole",
                            "vpc_peering_connection_id": "pcx-2c189045"
                        },
                        "meta": {},
                        "tainted": false
                    },
                    "deposed": [],
                    "provider": ""
                },
                "aws_route.data_jcx_integ_vpc_natdc.0": {
                    "type": "aws_route",
                    "depends_on": [
                        "aws_route_table.natdc.*",
                        "aws_vpc_peering_connection.data_jcx_integ"
                    ],
                    "primary": {
                        "id": "r-rtb-60b6ac041137711631",
                        "attributes": {
                            "destination_cidr_block": "10.123.48.0/22",
                            "destination_prefix_list_id": "",
                            "egress_only_gateway_id": "",
                            "gateway_id": "",
                            "id": "r-rtb-60b6ac041137711631",
                            "instance_id": "",
                            "instance_owner_id": "",
                            "nat_gateway_id": "",
                            "network_interface_id": "",
                            "origin": "CreateRoute",
                            "route_table_id": "rtb-60b6ac04",
                            "state": "active",
                            "vpc_peering_connection_id": "pcx-d5fe40bc"
                        },
                        "meta": {},
                        "tainted": false
                    },
                    "deposed": [],
                    "provider": ""
                },
                "aws_route.data_jcx_integ_vpc_natdc.1": {
                    "type": "aws_route",
                    "depends_on": [
                        "aws_route_table.natdc.*",
                        "aws_vpc_peering_connection.data_jcx_integ"
                    ],
                    "primary": {
                        "id": "r-rtb-fd8f539b1137711631",
                        "attributes": {
                            "destination_cidr_block": "10.123.48.0/22",
                            "destination_prefix_list_id": "",
                            "egress_only_gateway_id": "",
                            "gateway_id": "",
                            "id": "r-rtb-fd8f539b1137711631",
                            "instance_id": "",
                            "instance_owner_id": "",
                            "nat_gateway_id": "",
                            "network_interface_id": "",
                            "origin": "CreateRoute",
                            "route_table_id": "rtb-fd8f539b",
                            "state": "active",
                            "vpc_peering_connection_id": "pcx-d5fe40bc"
                        },
                        "meta": {},
                        "tainted": false
                    },
                    "deposed": [],
                    "provider": ""
                },
                "aws_route.data_jcx_integ_vpc_natdc.2": {
                    "type": "aws_route",
                    "depends_on": [
                        "aws_route_table.natdc.*",
                        "aws_vpc_peering_connection.data_jcx_integ"
                    ],
                    "primary": {
                        "id": "r-rtb-208b57461137711631",
                        "attributes": {
                            "destination_cidr_block": "10.123.48.0/22",
                            "destination_prefix_list_id": "",
                            "egress_only_gateway_id": "",
                            "gateway_id": "",
                            "id": "r-rtb-208b57461137711631",
                            "instance_id": "",
                            "instance_owner_id": "",
                            "nat_gateway_id": "",
                            "network_interface_id": "",
                            "origin": "CreateRoute",
                            "route_table_id": "rtb-208b5746",
                            "state": "active",
                            "vpc_peering_connection_id": "pcx-d5fe40bc"
                        },
                        "meta": {},
                        "tainted": false
                    },
                    "deposed": [],
                    "provider": ""
                },
                "aws_route.data_jcx_integ_vpc_private": {
                    "type": "aws_route",
                    "depends_on": [
                        "aws_route_table.private",
                        "aws_vpc_peering_connection.data_jcx_integ"
                    ],
                    "primary": {
                        "id": "r-rtb-fab1ab9e1137711631",
                        "attributes": {
                            "destination_cidr_block": "10.123.48.0/22",
                            "destination_prefix_list_id": "",
                            "egress_only_gateway_id": "",
                            "gateway_id": "",
                            "id": "r-rtb-fab1ab9e1137711631",
                            "instance_id": "",
                            "instance_owner_id": "",
                            "nat_gateway_id": "",
                            "network_interface_id": "",
                            "origin": "CreateRoute",
                            "route_table_id": "rtb-fab1ab9e",
                            "state": "active",
                            "vpc_peering_connection_id": "pcx-d5fe40bc"
                        },
                        "meta": {},
                        "tainted": false
                    },
                    "deposed": [],
                    "provider": ""
                },
                "aws_route.data_jcx_integ_vpc_public": {
                    "type": "aws_route",
                    "depends_on": [
                        "aws_route_table.public",
                        "aws_vpc_peering_connection.data_jcx_integ"
                    ],
                    "primary": {
                        "id": "r-rtb-c4b1aba01137711631",
                        "attributes": {
                            "destination_cidr_block": "10.123.48.0/22",
                            "destination_prefix_list_id": "",
                            "egress_only_gateway_id": "",
                            "gateway_id": "",
                            "id": "r-rtb-c4b1aba01137711631",
                            "instance_id": "",
                            "instance_owner_id": "",
                            "nat_gateway_id": "",
                            "network_interface_id": "",
                            "origin": "CreateRoute",
                            "route_table_id": "rtb-c4b1aba0",
                            "state": "active",
                            "vpc_peering_connection_id": "pcx-d5fe40bc"
                        },
                        "meta": {},
                        "tainted": false
                    },
                    "deposed": [],
                    "provider": ""
                },
                "aws_route.data_jcx_release_vpc_natdc.0": {
                    "type": "aws_route",
                    "depends_on": [
                        "aws_route_table.natdc.*",
                        "aws_vpc_peering_connection.data_jcx_release"
                    ],
                    "primary": {
                        "id": "r-rtb-60b6ac043752685771",
                        "attributes": {
                            "destination_cidr_block": "10.123.56.0/22",
                            "destination_prefix_list_id": "",
                            "egress_only_gateway_id": "",
                            "gateway_id": "",
                            "id": "r-rtb-60b6ac043752685771",
                            "instance_id": "",
                            "instance_owner_id": "",
                            "nat_gateway_id": "",
                            "network_interface_id": "",
                            "origin": "CreateRoute",
                            "route_table_id": "rtb-60b6ac04",
                            "state": "active",
                            "vpc_peering_connection_id": "pcx-d7fe40be"
                        },
                        "meta": {},
                        "tainted": false
                    },
                    "deposed": [],
                    "provider": ""
                },
                "aws_route.data_jcx_release_vpc_natdc.1": {
                    "type": "aws_route",
                    "depends_on": [
                        "aws_route_table.natdc.*",
                        "aws_vpc_peering_connection.data_jcx_release"
                    ],
                    "primary": {
                        "id": "r-rtb-fd8f539b3752685771",
                        "attributes": {
                            "destination_cidr_block": "10.123.56.0/22",
                            "destination_prefix_list_id": "",
                            "egress_only_gateway_id": "",
                            "gateway_id": "",
                            "id": "r-rtb-fd8f539b3752685771",
                            "instance_id": "",
                            "instance_owner_id": "",
                            "nat_gateway_id": "",
                            "network_interface_id": "",
                            "origin": "CreateRoute",
                            "route_table_id": "rtb-fd8f539b",
                            "state": "active",
                            "vpc_peering_connection_id": "pcx-d7fe40be"
                        },
                        "meta": {},
                        "tainted": false
                    },
                    "deposed": [],
                    "provider": ""
                },
                "aws_route.data_jcx_release_vpc_natdc.2": {
                    "type": "aws_route",
                    "depends_on": [
                        "aws_route_table.natdc.*",
                        "aws_vpc_peering_connection.data_jcx_release"
                    ],
                    "primary": {
                        "id": "r-rtb-208b57463752685771",
                        "attributes": {
                            "destination_cidr_block": "10.123.56.0/22",
                            "destination_prefix_list_id": "",
                            "egress_only_gateway_id": "",
                            "gateway_id": "",
                            "id": "r-rtb-208b57463752685771",
                            "instance_id": "",
                            "instance_owner_id": "",
                            "nat_gateway_id": "",
                            "network_interface_id": "",
                            "origin": "CreateRoute",
                            "route_table_id": "rtb-208b5746",
                            "state": "active",
                            "vpc_peering_connection_id": "pcx-d7fe40be"
                        },
                        "meta": {},
                        "tainted": false
                    },
                    "deposed": [],
                    "provider": ""
                },
                "aws_route.data_jcx_release_vpc_private": {
                    "type": "aws_route",
                    "depends_on": [
                        "aws_route_table.private",
                        "aws_vpc_peering_connection.data_jcx_release"
                    ],
                    "primary": {
                        "id": "r-rtb-fab1ab9e3752685771",
                        "attributes": {
                            "destination_cidr_block": "10.123.56.0/22",
                            "destination_prefix_list_id": "",
                            "egress_only_gateway_id": "",
                            "gateway_id": "",
                            "id": "r-rtb-fab1ab9e3752685771",
                            "instance_id": "",
                            "instance_owner_id": "",
                            "nat_gateway_id": "",
                            "network_interface_id": "",
                            "origin": "CreateRoute",
                            "route_table_id": "rtb-fab1ab9e",
                            "state": "active",
                            "vpc_peering_connection_id": "pcx-d7fe40be"
                        },
                        "meta": {},
                        "tainted": false
                    },
                    "deposed": [],
                    "provider": ""
                },
                "aws_route.data_jcx_release_vpc_public": {
                    "type": "aws_route",
                    "depends_on": [
                        "aws_route_table.public",
                        "aws_vpc_peering_connection.data_jcx_release"
                    ],
                    "primary": {
                        "id": "r-rtb-c4b1aba03752685771",
                        "attributes": {
                            "destination_cidr_block": "10.123.56.0/22",
                            "destination_prefix_list_id": "",
                            "egress_only_gateway_id": "",
                            "gateway_id": "",
                            "id": "r-rtb-c4b1aba03752685771",
                            "instance_id": "",
                            "instance_owner_id": "",
                            "nat_gateway_id": "",
                            "network_interface_id": "",
                            "origin": "CreateRoute",
                            "route_table_id": "rtb-c4b1aba0",
                            "state": "active",
                            "vpc_peering_connection_id": "pcx-d7fe40be"
                        },
                        "meta": {},
                        "tainted": false
                    },
                    "deposed": [],
                    "provider": ""
                },
                "aws_route.data_jcx_test_vpc_natdc.0": {
                    "type": "aws_route",
                    "depends_on": [
                        "aws_route_table.natdc.*",
                        "aws_vpc_peering_connection.data_jcx_test"
                    ],
                    "primary": {
                        "id": "r-rtb-60b6ac041144795869",
                        "attributes": {
                            "destination_cidr_block": "10.123.52.0/22",
                            "destination_prefix_list_id": "",
                            "egress_only_gateway_id": "",
                            "gateway_id": "",
                            "id": "r-rtb-60b6ac041144795869",
                            "instance_id": "",
                            "instance_owner_id": "",
                            "nat_gateway_id": "",
                            "network_interface_id": "",
                            "origin": "CreateRoute",
                            "route_table_id": "rtb-60b6ac04",
                            "state": "active",
                            "vpc_peering_connection_id": "pcx-d4fe40bd"
                        },
                        "meta": {},
                        "tainted": false
                    },
                    "deposed": [],
                    "provider": ""
                },
                "aws_route.data_jcx_test_vpc_natdc.1": {
                    "type": "aws_route",
                    "depends_on": [
                        "aws_route_table.natdc.*",
                        "aws_vpc_peering_connection.data_jcx_test"
                    ],
                    "primary": {
                        "id": "r-rtb-fd8f539b1144795869",
                        "attributes": {
                            "destination_cidr_block": "10.123.52.0/22",
                            "destination_prefix_list_id": "",
                            "egress_only_gateway_id": "",
                            "gateway_id": "",
                            "id": "r-rtb-fd8f539b1144795869",
                            "instance_id": "",
                            "instance_owner_id": "",
                            "nat_gateway_id": "",
                            "network_interface_id": "",
                            "origin": "CreateRoute",
                            "route_table_id": "rtb-fd8f539b",
                            "state": "active",
                            "vpc_peering_connection_id": "pcx-d4fe40bd"
                        },
                        "meta": {},
                        "tainted": false
                    },
                    "deposed": [],
                    "provider": ""
                },
                "aws_route.data_jcx_test_vpc_natdc.2": {
                    "type": "aws_route",
                    "depends_on": [
                        "aws_route_table.natdc.*",
                        "aws_vpc_peering_connection.data_jcx_test"
                    ],
                    "primary": {
                        "id": "r-rtb-208b57461144795869",
                        "attributes": {
                            "destination_cidr_block": "10.123.52.0/22",
                            "destination_prefix_list_id": "",
                            "egress_only_gateway_id": "",
                            "gateway_id": "",
                            "id": "r-rtb-208b57461144795869",
                            "instance_id": "",
                            "instance_owner_id": "",
                            "nat_gateway_id": "",
                            "network_interface_id": "",
                            "origin": "CreateRoute",
                            "route_table_id": "rtb-208b5746",
                            "state": "active",
                            "vpc_peering_connection_id": "pcx-d4fe40bd"
                        },
                        "meta": {},
                        "tainted": false
                    },
                    "deposed": [],
                    "provider": ""
                },
                "aws_route.data_jcx_test_vpc_private": {
                    "type": "aws_route",
                    "depends_on": [
                        "aws_route_table.private",
                        "aws_vpc_peering_connection.data_jcx_test"
                    ],
                    "primary": {
                        "id": "r-rtb-fab1ab9e1144795869",
                        "attributes": {
                            "destination_cidr_block": "10.123.52.0/22",
                            "destination_prefix_list_id": "",
                            "egress_only_gateway_id": "",
                            "gateway_id": "",
                            "id": "r-rtb-fab1ab9e1144795869",
                            "instance_id": "",
                            "instance_owner_id": "",
                            "nat_gateway_id": "",
                            "network_interface_id": "",
                            "origin": "CreateRoute",
                            "route_table_id": "rtb-fab1ab9e",
                            "state": "active",
                            "vpc_peering_connection_id": "pcx-d4fe40bd"
                        },
                        "meta": {},
                        "tainted": false
                    },
                    "deposed": [],
                    "provider": ""
                },
                "aws_route.data_jcx_test_vpc_public": {
                    "type": "aws_route",
                    "depends_on": [
                        "aws_route_table.public",
                        "aws_vpc_peering_connection.data_jcx_test"
                    ],
                    "primary": {
                        "id": "r-rtb-c4b1aba01144795869",
                        "attributes": {
                            "destination_cidr_block": "10.123.52.0/22",
                            "destination_prefix_list_id": "",
                            "egress_only_gateway_id": "",
                            "gateway_id": "",
                            "id": "r-rtb-c4b1aba01144795869",
                            "instance_id": "",
                            "instance_owner_id": "",
                            "nat_gateway_id": "",
                            "network_interface_id": "",
                            "origin": "CreateRoute",
                            "route_table_id": "rtb-c4b1aba0",
                            "state": "active",
                            "vpc_peering_connection_id": "pcx-d4fe40bd"
                        },
                        "meta": {},
                        "tainted": false
                    },
                    "deposed": [],
                    "provider": ""
                },
                "aws_route.infra_natdc.0": {
                    "type": "aws_route",
                    "depends_on": [
                        "aws_vpc_peering_connection.infra"
                    ],
                    "primary": {
                        "id": "r-rtb-968b3ef21526251058",
                        "attributes": {
                            "destination_cidr_block": "10.122.64.0/20",
                            "destination_prefix_list_id": "",
                            "egress_only_gateway_id": "",
                            "gateway_id": "",
                            "id": "r-rtb-968b3ef21526251058",
                            "instance_id": "",
                            "instance_owner_id": "",
                            "nat_gateway_id": "",
                            "network_interface_id": "",
                            "origin": "CreateRoute",
                            "route_table_id": "rtb-968b3ef2",
                            "state": "active",
                            "vpc_peering_connection_id": "pcx-7fe85416"
                        },
                        "meta": {},
                        "tainted": false
                    },
                    "deposed": [],
                    "provider": ""
                },
                "aws_route.infra_natdc.1": {
                    "type": "aws_route",
                    "depends_on": [
                        "aws_vpc_peering_connection.infra"
                    ],
                    "primary": {
                        "id": "r-rtb-2e964a481526251058",
                        "attributes": {
                            "destination_cidr_block": "10.122.64.0/20",
                            "destination_prefix_list_id": "",
                            "egress_only_gateway_id": "",
                            "gateway_id": "",
                            "id": "r-rtb-2e964a481526251058",
                            "instance_id": "",
                            "instance_owner_id": "",
                            "nat_gateway_id": "",
                            "network_interface_id": "",
                            "origin": "CreateRoute",
                            "route_table_id": "rtb-2e964a48",
                            "state": "active",
                            "vpc_peering_connection_id": "pcx-7fe85416"
                        },
                        "meta": {},
                        "tainted": false
                    },
                    "deposed": [],
                    "provider": ""
                },
                "aws_route.infra_natdc.2": {
                    "type": "aws_route",
                    "depends_on": [
                        "aws_vpc_peering_connection.infra"
                    ],
                    "primary": {
                        "id": "r-rtb-4995492f1526251058",
                        "attributes": {
                            "destination_cidr_block": "10.122.64.0/20",
                            "destination_prefix_list_id": "",
                            "egress_only_gateway_id": "",
                            "gateway_id": "",
                            "id": "r-rtb-4995492f1526251058",
                            "instance_id": "",
                            "instance_owner_id": "",
                            "nat_gateway_id": "",
                            "network_interface_id": "",
                            "origin": "CreateRoute",
                            "route_table_id": "rtb-4995492f",
                            "state": "active",
                            "vpc_peering_connection_id": "pcx-7fe85416"
                        },
                        "meta": {},
                        "tainted": false
                    },
                    "deposed": [],
                    "provider": ""
                },
                "aws_route.infra_private": {
                    "type": "aws_route",
                    "depends_on": [
                        "aws_vpc_peering_connection.infra"
                    ],
                    "primary": {
                        "id": "r-rtb-fc8b3e981526251058",
                        "attributes": {
                            "destination_cidr_block": "10.122.64.0/20",
                            "destination_prefix_list_id": "",
                            "egress_only_gateway_id": "",
                            "gateway_id": "",
                            "id": "r-rtb-fc8b3e981526251058",
                            "instance_id": "",
                            "instance_owner_id": "",
                            "nat_gateway_id": "",
                            "network_interface_id": "",
                            "origin": "CreateRoute",
                            "route_table_id": "rtb-fc8b3e98",
                            "state": "active",
                            "vpc_peering_connection_id": "pcx-7fe85416"
                        },
                        "meta": {},
                        "tainted": false
                    },
                    "deposed": [],
                    "provider": ""
                },
                "aws_route.infra_public": {
                    "type": "aws_route",
                    "depends_on": [
                        "aws_vpc_peering_connection.infra"
                    ],
                    "primary": {
                        "id": "r-rtb-fd8b3e991526251058",
                        "attributes": {
                            "destination_cidr_block": "10.122.64.0/20",
                            "destination_prefix_list_id": "",
                            "egress_only_gateway_id": "",
                            "gateway_id": "",
                            "id": "r-rtb-fd8b3e991526251058",
                            "instance_id": "",
                            "instance_owner_id": "",
                            "nat_gateway_id": "",
                            "network_interface_id": "",
                            "origin": "CreateRoute",
                            "route_table_id": "rtb-fd8b3e99",
                            "state": "active",
                            "vpc_peering_connection_id": "pcx-7fe85416"
                        },
                        "meta": {},
                        "tainted": false
                    },
                    "deposed": [],
                    "provider": ""
                },
                "aws_route.microservices_vpc_natdc.0": {
                    "type": "aws_route",
                    "depends_on": [
                        "aws_route_table.natdc.*"
                    ],
                    "primary": {
                        "id": "r-rtb-60b6ac042125723008",
                        "attributes": {
                            "destination_cidr_block": "10.124.0.0/20",
                            "destination_prefix_list_id": "",
                            "egress_only_gateway_id": "",
                            "gateway_id": "",
                            "id": "r-rtb-60b6ac042125723008",
                            "instance_id": "",
                            "instance_owner_id": "",
                            "nat_gateway_id": "",
                            "network_interface_id": "",
                            "origin": "CreateRoute",
                            "route_table_id": "rtb-60b6ac04",
                            "state": "active",
                            "vpc_peering_connection_id": "pcx-c6ac13af"
                        },
                        "meta": {},
                        "tainted": false
                    },
                    "deposed": [],
                    "provider": ""
                },
                "aws_route.microservices_vpc_natdc.1": {
                    "type": "aws_route",
                    "depends_on": [
                        "aws_route_table.natdc.*"
                    ],
                    "primary": {
                        "id": "r-rtb-fd8f539b2125723008",
                        "attributes": {
                            "destination_cidr_block": "10.124.0.0/20",
                            "destination_prefix_list_id": "",
                            "egress_only_gateway_id": "",
                            "gateway_id": "",
                            "id": "r-rtb-fd8f539b2125723008",
                            "instance_id": "",
                            "instance_owner_id": "",
                            "nat_gateway_id": "",
                            "network_interface_id": "",
                            "origin": "CreateRoute",
                            "route_table_id": "rtb-fd8f539b",
                            "state": "active",
                            "vpc_peering_connection_id": "pcx-c6ac13af"
                        },
                        "meta": {},
                        "tainted": false
                    },
                    "deposed": [],
                    "provider": ""
                },
                "aws_route.microservices_vpc_natdc.2": {
                    "type": "aws_route",
                    "depends_on": [
                        "aws_route_table.natdc.*"
                    ],
                    "primary": {
                        "id": "r-rtb-208b57462125723008",
                        "attributes": {
                            "destination_cidr_block": "10.124.0.0/20",
                            "destination_prefix_list_id": "",
                            "egress_only_gateway_id": "",
                            "gateway_id": "",
                            "id": "r-rtb-208b57462125723008",
                            "instance_id": "",
                            "instance_owner_id": "",
                            "nat_gateway_id": "",
                            "network_interface_id": "",
                            "origin": "CreateRoute",
                            "route_table_id": "rtb-208b5746",
                            "state": "active",
                            "vpc_peering_connection_id": "pcx-c6ac13af"
                        },
                        "meta": {},
                        "tainted": false
                    },
                    "deposed": [],
                    "provider": ""
                },
                "aws_route.microservices_vpc_private": {
                    "type": "aws_route",
                    "depends_on": [
                        "aws_route_table.private"
                    ],
                    "primary": {
                        "id": "r-rtb-fab1ab9e2125723008",
                        "attributes": {
                            "destination_cidr_block": "10.124.0.0/20",
                            "destination_prefix_list_id": "",
                            "egress_only_gateway_id": "",
                            "gateway_id": "",
                            "id": "r-rtb-fab1ab9e2125723008",
                            "instance_id": "",
                            "instance_owner_id": "",
                            "nat_gateway_id": "",
                            "network_interface_id": "",
                            "origin": "CreateRoute",
                            "route_table_id": "rtb-fab1ab9e",
                            "state": "active",
                            "vpc_peering_connection_id": "pcx-c6ac13af"
                        },
                        "meta": {},
                        "tainted": false
                    },
                    "deposed": [],
                    "provider": ""
                },
                "aws_route.microservices_vpc_public": {
                    "type": "aws_route",
                    "depends_on": [
                        "aws_route_table.public"
                    ],
                    "primary": {
                        "id": "r-rtb-c4b1aba02125723008",
                        "attributes": {
                            "destination_cidr_block": "10.124.0.0/20",
                            "destination_prefix_list_id": "",
                            "egress_only_gateway_id": "",
                            "gateway_id": "",
                            "id": "r-rtb-c4b1aba02125723008",
                            "instance_id": "",
                            "instance_owner_id": "",
                            "nat_gateway_id": "",
                            "network_interface_id": "",
                            "origin": "CreateRoute",
                            "route_table_id": "rtb-c4b1aba0",
                            "state": "active",
                            "vpc_peering_connection_id": "pcx-c6ac13af"
                        },
                        "meta": {},
                        "tainted": false
                    },
                    "deposed": [],
                    "provider": ""
                },
                "aws_route.reco_integ_vpc_natdc.0": {
                    "type": "aws_route",
                    "depends_on": [
                        "aws_route_table.natdc.*",
                        "aws_vpc_peering_connection.reco_integ"
                    ],
                    "primary": {
                        "id": "r-rtb-60b6ac043533214673",
                        "attributes": {
                            "destination_cidr_block": "10.126.0.0/22",
                            "destination_prefix_list_id": "",
                            "egress_only_gateway_id": "",
                            "gateway_id": "",
                            "id": "r-rtb-60b6ac043533214673",
                            "instance_id": "",
                            "instance_owner_id": "",
                            "nat_gateway_id": "",
                            "network_interface_id": "",
                            "origin": "CreateRoute",
                            "route_table_id": "rtb-60b6ac04",
                            "state": "active",
                            "vpc_peering_connection_id": "pcx-55be3a3c"
                        },
                        "meta": {},
                        "tainted": false
                    },
                    "deposed": [],
                    "provider": ""
                },
                "aws_route.reco_integ_vpc_natdc.1": {
                    "type": "aws_route",
                    "depends_on": [
                        "aws_route_table.natdc.*",
                        "aws_vpc_peering_connection.reco_integ"
                    ],
                    "primary": {
                        "id": "r-rtb-fd8f539b3533214673",
                        "attributes": {
                            "destination_cidr_block": "10.126.0.0/22",
                            "destination_prefix_list_id": "",
                            "egress_only_gateway_id": "",
                            "gateway_id": "",
                            "id": "r-rtb-fd8f539b3533214673",
                            "instance_id": "",
                            "instance_owner_id": "",
                            "nat_gateway_id": "",
                            "network_interface_id": "",
                            "origin": "CreateRoute",
                            "route_table_id": "rtb-fd8f539b",
                            "state": "active",
                            "vpc_peering_connection_id": "pcx-55be3a3c"
                        },
                        "meta": {},
                        "tainted": false
                    },
                    "deposed": [],
                    "provider": ""
                },
                "aws_route.reco_integ_vpc_natdc.2": {
                    "type": "aws_route",
                    "depends_on": [
                        "aws_route_table.natdc.*",
                        "aws_vpc_peering_connection.reco_integ"
                    ],
                    "primary": {
                        "id": "r-rtb-208b57463533214673",
                        "attributes": {
                            "destination_cidr_block": "10.126.0.0/22",
                            "destination_prefix_list_id": "",
                            "egress_only_gateway_id": "",
                            "gateway_id": "",
                            "id": "r-rtb-208b57463533214673",
                            "instance_id": "",
                            "instance_owner_id": "",
                            "nat_gateway_id": "",
                            "network_interface_id": "",
                            "origin": "CreateRoute",
                            "route_table_id": "rtb-208b5746",
                            "state": "active",
                            "vpc_peering_connection_id": "pcx-55be3a3c"
                        },
                        "meta": {},
                        "tainted": false
                    },
                    "deposed": [],
                    "provider": ""
                },
                "aws_route.reco_integ_vpc_private": {
                    "type": "aws_route",
                    "depends_on": [
                        "aws_route_table.private",
                        "aws_vpc_peering_connection.reco_integ"
                    ],
                    "primary": {
                        "id": "r-rtb-fab1ab9e3533214673",
                        "attributes": {
                            "destination_cidr_block": "10.126.0.0/22",
                            "destination_prefix_list_id": "",
                            "egress_only_gateway_id": "",
                            "gateway_id": "",
                            "id": "r-rtb-fab1ab9e3533214673",
                            "instance_id": "",
                            "instance_owner_id": "",
                            "nat_gateway_id": "",
                            "network_interface_id": "",
                            "origin": "CreateRoute",
                            "route_table_id": "rtb-fab1ab9e",
                            "state": "active",
                            "vpc_peering_connection_id": "pcx-55be3a3c"
                        },
                        "meta": {},
                        "tainted": false
                    },
                    "deposed": [],
                    "provider": ""
                },
                "aws_route.reco_integ_vpc_public": {
                    "type": "aws_route",
                    "depends_on": [
                        "aws_route_table.public",
                        "aws_vpc_peering_connection.reco_integ"
                    ],
                    "primary": {
                        "id": "r-rtb-c4b1aba03533214673",
                        "attributes": {
                            "destination_cidr_block": "10.126.0.0/22",
                            "destination_prefix_list_id": "",
                            "egress_only_gateway_id": "",
                            "gateway_id": "",
                            "id": "r-rtb-c4b1aba03533214673",
                            "instance_id": "",
                            "instance_owner_id": "",
                            "nat_gateway_id": "",
                            "network_interface_id": "",
                            "origin": "CreateRoute",
                            "route_table_id": "rtb-c4b1aba0",
                            "state": "active",
                            "vpc_peering_connection_id": "pcx-55be3a3c"
                        },
                        "meta": {},
                        "tainted": false
                    },
                    "deposed": [],
                    "provider": ""
                },
                "aws_route.reco_release_vpc_natdc.0": {
                    "type": "aws_route",
                    "depends_on": [
                        "aws_route_table.natdc.*",
                        "aws_vpc_peering_connection.reco_release"
                    ],
                    "primary": {
                        "id": "r-rtb-60b6ac041053495740",
                        "attributes": {
                            "destination_cidr_block": "10.126.8.0/22",
                            "destination_prefix_list_id": "",
                            "egress_only_gateway_id": "",
                            "gateway_id": "",
                            "id": "r-rtb-60b6ac041053495740",
                            "instance_id": "",
                            "instance_owner_id": "",
                            "nat_gateway_id": "",
                            "network_interface_id": "",
                            "origin": "CreateRoute",
                            "route_table_id": "rtb-60b6ac04",
                            "state": "active",
                            "vpc_peering_connection_id": "pcx-53be3a3a"
                        },
                        "meta": {},
                        "tainted": false
                    },
                    "deposed": [],
                    "provider": ""
                },
                "aws_route.reco_release_vpc_natdc.1": {
                    "type": "aws_route",
                    "depends_on": [
                        "aws_route_table.natdc.*",
                        "aws_vpc_peering_connection.reco_release"
                    ],
                    "primary": {
                        "id": "r-rtb-fd8f539b1053495740",
                        "attributes": {
                            "destination_cidr_block": "10.126.8.0/22",
                            "destination_prefix_list_id": "",
                            "egress_only_gateway_id": "",
                            "gateway_id": "",
                            "id": "r-rtb-fd8f539b1053495740",
                            "instance_id": "",
                            "instance_owner_id": "",
                            "nat_gateway_id": "",
                            "network_interface_id": "",
                            "origin": "CreateRoute",
                            "route_table_id": "rtb-fd8f539b",
                            "state": "active",
                            "vpc_peering_connection_id": "pcx-53be3a3a"
                        },
                        "meta": {},
                        "tainted": false
                    },
                    "deposed": [],
                    "provider": ""
                },
                "aws_route.reco_release_vpc_natdc.2": {
                    "type": "aws_route",
                    "depends_on": [
                        "aws_route_table.natdc.*",
                        "aws_vpc_peering_connection.reco_release"
                    ],
                    "primary": {
                        "id": "r-rtb-208b57461053495740",
                        "attributes": {
                            "destination_cidr_block": "10.126.8.0/22",
                            "destination_prefix_list_id": "",
                            "egress_only_gateway_id": "",
                            "gateway_id": "",
                            "id": "r-rtb-208b57461053495740",
                            "instance_id": "",
                            "instance_owner_id": "",
                            "nat_gateway_id": "",
                            "network_interface_id": "",
                            "origin": "CreateRoute",
                            "route_table_id": "rtb-208b5746",
                            "state": "active",
                            "vpc_peering_connection_id": "pcx-53be3a3a"
                        },
                        "meta": {},
                        "tainted": false
                    },
                    "deposed": [],
                    "provider": ""
                },
                "aws_route.reco_release_vpc_private": {
                    "type": "aws_route",
                    "depends_on": [
                        "aws_route_table.private",
                        "aws_vpc_peering_connection.reco_release"
                    ],
                    "primary": {
                        "id": "r-rtb-fab1ab9e1053495740",
                        "attributes": {
                            "destination_cidr_block": "10.126.8.0/22",
                            "destination_prefix_list_id": "",
                            "egress_only_gateway_id": "",
                            "gateway_id": "",
                            "id": "r-rtb-fab1ab9e1053495740",
                            "instance_id": "",
                            "instance_owner_id": "",
                            "nat_gateway_id": "",
                            "network_interface_id": "",
                            "origin": "CreateRoute",
                            "route_table_id": "rtb-fab1ab9e",
                            "state": "active",
                            "vpc_peering_connection_id": "pcx-53be3a3a"
                        },
                        "meta": {},
                        "tainted": false
                    },
                    "deposed": [],
                    "provider": ""
                },
                "aws_route.reco_release_vpc_public": {
                    "type": "aws_route",
                    "depends_on": [
                        "aws_route_table.public",
                        "aws_vpc_peering_connection.reco_release"
                    ],
                    "primary": {
                        "id": "r-rtb-c4b1aba01053495740",
                        "attributes": {
                            "destination_cidr_block": "10.126.8.0/22",
                            "destination_prefix_list_id": "",
                            "egress_only_gateway_id": "",
                            "gateway_id": "",
                            "id": "r-rtb-c4b1aba01053495740",
                            "instance_id": "",
                            "instance_owner_id": "",
                            "nat_gateway_id": "",
                            "network_interface_id": "",
                            "origin": "CreateRoute",
                            "route_table_id": "rtb-c4b1aba0",
                            "state": "active",
                            "vpc_peering_connection_id": "pcx-53be3a3a"
                        },
                        "meta": {},
                        "tainted": false
                    },
                    "deposed": [],
                    "provider": ""
                },
                "aws_route.reco_test_vpc_natdc.0": {
                    "type": "aws_route",
                    "depends_on": [
                        "aws_route_table.natdc.*",
                        "aws_vpc_peering_connection.reco_test"
                    ],
                    "primary": {
                        "id": "r-rtb-60b6ac041225380295",
                        "attributes": {
                            "destination_cidr_block": "10.126.4.0/22",
                            "destination_prefix_list_id": "",
                            "egress_only_gateway_id": "",
                            "gateway_id": "",
                            "id": "r-rtb-60b6ac041225380295",
                            "instance_id": "",
                            "instance_owner_id": "",
                            "nat_gateway_id": "",
                            "network_interface_id": "",
                            "origin": "CreateRoute",
                            "route_table_id": "rtb-60b6ac04",
                            "state": "active",
                            "vpc_peering_connection_id": "pcx-52be3a3b"
                        },
                        "meta": {},
                        "tainted": false
                    },
                    "deposed": [],
                    "provider": ""
                },
                "aws_route.reco_test_vpc_natdc.1": {
                    "type": "aws_route",
                    "depends_on": [
                        "aws_route_table.natdc.*",
                        "aws_vpc_peering_connection.reco_test"
                    ],
                    "primary": {
                        "id": "r-rtb-fd8f539b1225380295",
                        "attributes": {
                            "destination_cidr_block": "10.126.4.0/22",
                            "destination_prefix_list_id": "",
                            "egress_only_gateway_id": "",
                            "gateway_id": "",
                            "id": "r-rtb-fd8f539b1225380295",
                            "instance_id": "",
                            "instance_owner_id": "",
                            "nat_gateway_id": "",
                            "network_interface_id": "",
                            "origin": "CreateRoute",
                            "route_table_id": "rtb-fd8f539b",
                            "state": "active",
                            "vpc_peering_connection_id": "pcx-52be3a3b"
                        },
                        "meta": {},
                        "tainted": false
                    },
                    "deposed": [],
                    "provider": ""
                },
                "aws_route.reco_test_vpc_natdc.2": {
                    "type": "aws_route",
                    "depends_on": [
                        "aws_route_table.natdc.*",
                        "aws_vpc_peering_connection.reco_test"
                    ],
                    "primary": {
                        "id": "r-rtb-208b57461225380295",
                        "attributes": {
                            "destination_cidr_block": "10.126.4.0/22",
                            "destination_prefix_list_id": "",
                            "egress_only_gateway_id": "",
                            "gateway_id": "",
                            "id": "r-rtb-208b57461225380295",
                            "instance_id": "",
                            "instance_owner_id": "",
                            "nat_gateway_id": "",
                            "network_interface_id": "",
                            "origin": "CreateRoute",
                            "route_table_id": "rtb-208b5746",
                            "state": "active",
                            "vpc_peering_connection_id": "pcx-52be3a3b"
                        },
                        "meta": {},
                        "tainted": false
                    },
                    "deposed": [],
                    "provider": ""
                },
                "aws_route.reco_test_vpc_private": {
                    "type": "aws_route",
                    "depends_on": [
                        "aws_route_table.private",
                        "aws_vpc_peering_connection.reco_test"
                    ],
                    "primary": {
                        "id": "r-rtb-fab1ab9e1225380295",
                        "attributes": {
                            "destination_cidr_block": "10.126.4.0/22",
                            "destination_prefix_list_id": "",
                            "egress_only_gateway_id": "",
                            "gateway_id": "",
                            "id": "r-rtb-fab1ab9e1225380295",
                            "instance_id": "",
                            "instance_owner_id": "",
                            "nat_gateway_id": "",
                            "network_interface_id": "",
                            "origin": "CreateRoute",
                            "route_table_id": "rtb-fab1ab9e",
                            "state": "active",
                            "vpc_peering_connection_id": "pcx-52be3a3b"
                        },
                        "meta": {},
                        "tainted": false
                    },
                    "deposed": [],
                    "provider": ""
                },
                "aws_route.reco_test_vpc_public": {
                    "type": "aws_route",
                    "depends_on": [
                        "aws_route_table.public",
                        "aws_vpc_peering_connection.reco_test"
                    ],
                    "primary": {
                        "id": "r-rtb-c4b1aba01225380295",
                        "attributes": {
                            "destination_cidr_block": "10.126.4.0/22",
                            "destination_prefix_list_id": "",
                            "egress_only_gateway_id": "",
                            "gateway_id": "",
                            "id": "r-rtb-c4b1aba01225380295",
                            "instance_id": "",
                            "instance_owner_id": "",
                            "nat_gateway_id": "",
                            "network_interface_id": "",
                            "origin": "CreateRoute",
                            "route_table_id": "rtb-c4b1aba0",
                            "state": "active",
                            "vpc_peering_connection_id": "pcx-52be3a3b"
                        },
                        "meta": {},
                        "tainted": false
                    },
                    "deposed": [],
                    "provider": ""
                },
                "aws_route53_zone_association.route53": {
                    "type": "aws_route53_zone_association",
                    "depends_on": [
                        "aws_vpc.main"
                    ],
                    "primary": {
                        "id": "Z31KC7C52TU6MQ:vpc-52c5e836",
                        "attributes": {
                            "id": "Z31KC7C52TU6MQ:vpc-52c5e836",
                            "vpc_id": "vpc-52c5e836",
                            "vpc_region": "us-west-2",
                            "zone_id": "Z31KC7C52TU6MQ"
                        },
                        "meta": {},
                        "tainted": false
                    },
                    "deposed": [],
                    "provider": ""
                },
                "aws_route_table.natdc.0": {
                    "type": "aws_route_table",
                    "depends_on": [
                        "aws_nat_gateway.natgw",
                        "aws_vpc.main",
                        "aws_vpn_gateway.vgw"
                    ],
                    "primary": {
                        "id": "rtb-60b6ac04",
                        "attributes": {
                            "id": "rtb-60b6ac04",
                            "propagating_vgws.#": "1",
                            "propagating_vgws.1019701054": "vgw-c42cf5da",
                            "route.#": "9",
                            "route.1204638655.cidr_block": "10.123.48.0/22",
                            "route.1204638655.egress_only_gateway_id": "",
                            "route.1204638655.gateway_id": "",
                            "route.1204638655.instance_id": "",
                            "route.1204638655.ipv6_cidr_block": "",
                            "route.1204638655.nat_gateway_id": "",
                            "route.1204638655.network_interface_id": "",
                            "route.1204638655.vpc_peering_connection_id": "pcx-d5fe40bc",
                            "route.1353340444.cidr_block": "0.0.0.0/0",
                            "route.1353340444.egress_only_gateway_id": "",
                            "route.1353340444.gateway_id": "",
                            "route.1353340444.instance_id": "",
                            "route.1353340444.ipv6_cidr_block": "",
                            "route.1353340444.nat_gateway_id": "nat-0e9d2a7ca54420ee7",
                            "route.1353340444.network_interface_id": "",
                            "route.1353340444.vpc_peering_connection_id": "",
                            "route.2061963062.cidr_block": "10.126.4.0/22",
                            "route.2061963062.egress_only_gateway_id": "",
                            "route.2061963062.gateway_id": "",
                            "route.2061963062.instance_id": "",
                            "route.2061963062.ipv6_cidr_block": "",
                            "route.2061963062.nat_gateway_id": "",
                            "route.2061963062.network_interface_id": "",
                            "route.2061963062.vpc_peering_connection_id": "pcx-52be3a3b",
                            "route.243876356.cidr_block": "10.123.52.0/22",
                            "route.243876356.egress_only_gateway_id": "",
                            "route.243876356.gateway_id": "",
                            "route.243876356.instance_id": "",
                            "route.243876356.ipv6_cidr_block": "",
                            "route.243876356.nat_gateway_id": "",
                            "route.243876356.network_interface_id": "",
                            "route.243876356.vpc_peering_connection_id": "pcx-d4fe40bd",
                            "route.3094117472.cidr_block": "10.126.8.0/22",
                            "route.3094117472.egress_only_gateway_id": "",
                            "route.3094117472.gateway_id": "",
                            "route.3094117472.instance_id": "",
                            "route.3094117472.ipv6_cidr_block": "",
                            "route.3094117472.nat_gateway_id": "",
                            "route.3094117472.network_interface_id": "",
                            "route.3094117472.vpc_peering_connection_id": "pcx-53be3a3a",
                            "route.3447414285.cidr_block": "10.123.56.0/22",
                            "route.3447414285.egress_only_gateway_id": "",
                            "route.3447414285.gateway_id": "",
                            "route.3447414285.instance_id": "",
                            "route.3447414285.ipv6_cidr_block": "",
                            "route.3447414285.nat_gateway_id": "",
                            "route.3447414285.network_interface_id": "",
                            "route.3447414285.vpc_peering_connection_id": "pcx-d7fe40be",
                            "route.3841540659.cidr_block": "10.126.0.0/22",
                            "route.3841540659.egress_only_gateway_id": "",
                            "route.3841540659.gateway_id": "",
                            "route.3841540659.instance_id": "",
                            "route.3841540659.ipv6_cidr_block": "",
                            "route.3841540659.nat_gateway_id": "",
                            "route.3841540659.network_interface_id": "",
                            "route.3841540659.vpc_peering_connection_id": "pcx-55be3a3c",
                            "route.4213424716.cidr_block": "10.124.0.0/20",
                            "route.4213424716.egress_only_gateway_id": "",
                            "route.4213424716.gateway_id": "",
                            "route.4213424716.instance_id": "",
                            "route.4213424716.ipv6_cidr_block": "",
                            "route.4213424716.nat_gateway_id": "",
                            "route.4213424716.network_interface_id": "",
                            "route.4213424716.vpc_peering_connection_id": "pcx-c6ac13af",
                            "route.80978548.cidr_block": "10.127.30.7/32",
                            "route.80978548.egress_only_gateway_id": "",
                            "route.80978548.gateway_id": "",
                            "route.80978548.instance_id": "",
                            "route.80978548.ipv6_cidr_block": "",
                            "route.80978548.nat_gateway_id": "",
                            "route.80978548.network_interface_id": "",
                            "route.80978548.vpc_peering_connection_id": "pcx-7fe85416",
                            "tags.%": "5",
                            "tags.Name": "pipeline-jcx-natdc-routetable",
                            "tags.account_name": "jive-microservices-pipeline",
                            "tags.pipeline_phase": "pipeline-jcx",
                            "tags.region": "us-west-2",
                            "tags.sla": "non-prod",
                            "vpc_id": "vpc-52c5e836"
                        },
                        "meta": {},
                        "tainted": false
                    },
                    "deposed": [],
                    "provider": ""
                },
                "aws_route_table.natdc.1": {
                    "type": "aws_route_table",
                    "depends_on": [
                        "aws_nat_gateway.natgw.*",
                        "aws_vpc.main",
                        "aws_vpn_gateway.vgw"
                    ],
                    "primary": {
                        "id": "rtb-fd8f539b",
                        "attributes": {
                            "id": "rtb-fd8f539b",
                            "propagating_vgws.#": "1",
                            "propagating_vgws.1019701054": "vgw-c42cf5da",
                            "route.#": "9",
                            "route.1204638655.cidr_block": "10.123.48.0/22",
                            "route.1204638655.egress_only_gateway_id": "",
                            "route.1204638655.gateway_id": "",
                            "route.1204638655.instance_id": "",
                            "route.1204638655.ipv6_cidr_block": "",
                            "route.1204638655.nat_gateway_id": "",
                            "route.1204638655.network_interface_id": "",
                            "route.1204638655.vpc_peering_connection_id": "pcx-d5fe40bc",
                            "route.2061963062.cidr_block": "10.126.4.0/22",
                            "route.2061963062.egress_only_gateway_id": "",
                            "route.2061963062.gateway_id": "",
                            "route.2061963062.instance_id": "",
                            "route.2061963062.ipv6_cidr_block": "",
                            "route.2061963062.nat_gateway_id": "",
                            "route.2061963062.network_interface_id": "",
                            "route.2061963062.vpc_peering_connection_id": "pcx-52be3a3b",
                            "route.243876356.cidr_block": "10.123.52.0/22",
                            "route.243876356.egress_only_gateway_id": "",
                            "route.243876356.gateway_id": "",
                            "route.243876356.instance_id": "",
                            "route.243876356.ipv6_cidr_block": "",
                            "route.243876356.nat_gateway_id": "",
                            "route.243876356.network_interface_id": "",
                            "route.243876356.vpc_peering_connection_id": "pcx-d4fe40bd",
                            "route.3094117472.cidr_block": "10.126.8.0/22",
                            "route.3094117472.egress_only_gateway_id": "",
                            "route.3094117472.gateway_id": "",
                            "route.3094117472.instance_id": "",
                            "route.3094117472.ipv6_cidr_block": "",
                            "route.3094117472.nat_gateway_id": "",
                            "route.3094117472.network_interface_id": "",
                            "route.3094117472.vpc_peering_connection_id": "pcx-53be3a3a",
                            "route.3447414285.cidr_block": "10.123.56.0/22",
                            "route.3447414285.egress_only_gateway_id": "",
                            "route.3447414285.gateway_id": "",
                            "route.3447414285.instance_id": "",
                            "route.3447414285.ipv6_cidr_block": "",
                            "route.3447414285.nat_gateway_id": "",
                            "route.3447414285.network_interface_id": "",
                            "route.3447414285.vpc_peering_connection_id": "pcx-d7fe40be",
                            "route.3841540659.cidr_block": "10.126.0.0/22",
                            "route.3841540659.egress_only_gateway_id": "",
                            "route.3841540659.gateway_id": "",
                            "route.3841540659.instance_id": "",
                            "route.3841540659.ipv6_cidr_block": "",
                            "route.3841540659.nat_gateway_id": "",
                            "route.3841540659.network_interface_id": "",
                            "route.3841540659.vpc_peering_connection_id": "pcx-55be3a3c",
                            "route.4213424716.cidr_block": "10.124.0.0/20",
                            "route.4213424716.egress_only_gateway_id": "",
                            "route.4213424716.gateway_id": "",
                            "route.4213424716.instance_id": "",
                            "route.4213424716.ipv6_cidr_block": "",
                            "route.4213424716.nat_gateway_id": "",
                            "route.4213424716.network_interface_id": "",
                            "route.4213424716.vpc_peering_connection_id": "pcx-c6ac13af",
                            "route.80978548.cidr_block": "10.127.30.7/32",
                            "route.80978548.egress_only_gateway_id": "",
                            "route.80978548.gateway_id": "",
                            "route.80978548.instance_id": "",
                            "route.80978548.ipv6_cidr_block": "",
                            "route.80978548.nat_gateway_id": "",
                            "route.80978548.network_interface_id": "",
                            "route.80978548.vpc_peering_connection_id": "pcx-7fe85416",
                            "route.825181098.cidr_block": "0.0.0.0/0",
                            "route.825181098.egress_only_gateway_id": "",
                            "route.825181098.gateway_id": "",
                            "route.825181098.instance_id": "",
                            "route.825181098.ipv6_cidr_block": "",
                            "route.825181098.nat_gateway_id": "nat-088166ee416826571",
                            "route.825181098.network_interface_id": "",
                            "route.825181098.vpc_peering_connection_id": "",
                            "tags.%": "5",
                            "tags.Name": "pipeline-jcx-natdc-routetable",
                            "tags.account_name": "jive-microservices-pipeline",
                            "tags.pipeline_phase": "pipeline-jcx",
                            "tags.region": "us-west-2",
                            "tags.sla": "non-prod",
                            "vpc_id": "vpc-52c5e836"
                        },
                        "meta": {},
                        "tainted": false
                    },
                    "deposed": [],
                    "provider": ""
                },
                "aws_route_table.natdc.2": {
                    "type": "aws_route_table",
                    "depends_on": [
                        "aws_nat_gateway.natgw.*",
                        "aws_vpc.main",
                        "aws_vpn_gateway.vgw"
                    ],
                    "primary": {
                        "id": "rtb-208b5746",
                        "attributes": {
                            "id": "rtb-208b5746",
                            "propagating_vgws.#": "1",
                            "propagating_vgws.1019701054": "vgw-c42cf5da",
                            "route.#": "9",
                            "route.1204638655.cidr_block": "10.123.48.0/22",
                            "route.1204638655.egress_only_gateway_id": "",
                            "route.1204638655.gateway_id": "",
                            "route.1204638655.instance_id": "",
                            "route.1204638655.ipv6_cidr_block": "",
                            "route.1204638655.nat_gateway_id": "",
                            "route.1204638655.network_interface_id": "",
                            "route.1204638655.vpc_peering_connection_id": "pcx-d5fe40bc",
                            "route.1353340444.cidr_block": "0.0.0.0/0",
                            "route.1353340444.egress_only_gateway_id": "",
                            "route.1353340444.gateway_id": "",
                            "route.1353340444.instance_id": "",
                            "route.1353340444.ipv6_cidr_block": "",
                            "route.1353340444.nat_gateway_id": "nat-0e9d2a7ca54420ee7",
                            "route.1353340444.network_interface_id": "",
                            "route.1353340444.vpc_peering_connection_id": "",
                            "route.2061963062.cidr_block": "10.126.4.0/22",
                            "route.2061963062.egress_only_gateway_id": "",
                            "route.2061963062.gateway_id": "",
                            "route.2061963062.instance_id": "",
                            "route.2061963062.ipv6_cidr_block": "",
                            "route.2061963062.nat_gateway_id": "",
                            "route.2061963062.network_interface_id": "",
                            "route.2061963062.vpc_peering_connection_id": "pcx-52be3a3b",
                            "route.243876356.cidr_block": "10.123.52.0/22",
                            "route.243876356.egress_only_gateway_id": "",
                            "route.243876356.gateway_id": "",
                            "route.243876356.instance_id": "",
                            "route.243876356.ipv6_cidr_block": "",
                            "route.243876356.nat_gateway_id": "",
                            "route.243876356.network_interface_id": "",
                            "route.243876356.vpc_peering_connection_id": "pcx-d4fe40bd",
                            "route.3094117472.cidr_block": "10.126.8.0/22",
                            "route.3094117472.egress_only_gateway_id": "",
                            "route.3094117472.gateway_id": "",
                            "route.3094117472.instance_id": "",
                            "route.3094117472.ipv6_cidr_block": "",
                            "route.3094117472.nat_gateway_id": "",
                            "route.3094117472.network_interface_id": "",
                            "route.3094117472.vpc_peering_connection_id": "pcx-53be3a3a",
                            "route.3447414285.cidr_block": "10.123.56.0/22",
                            "route.3447414285.egress_only_gateway_id": "",
                            "route.3447414285.gateway_id": "",
                            "route.3447414285.instance_id": "",
                            "route.3447414285.ipv6_cidr_block": "",
                            "route.3447414285.nat_gateway_id": "",
                            "route.3447414285.network_interface_id": "",
                            "route.3447414285.vpc_peering_connection_id": "pcx-d7fe40be",
                            "route.3841540659.cidr_block": "10.126.0.0/22",
                            "route.3841540659.egress_only_gateway_id": "",
                            "route.3841540659.gateway_id": "",
                            "route.3841540659.instance_id": "",
                            "route.3841540659.ipv6_cidr_block": "",
                            "route.3841540659.nat_gateway_id": "",
                            "route.3841540659.network_interface_id": "",
                            "route.3841540659.vpc_peering_connection_id": "pcx-55be3a3c",
                            "route.4213424716.cidr_block": "10.124.0.0/20",
                            "route.4213424716.egress_only_gateway_id": "",
                            "route.4213424716.gateway_id": "",
                            "route.4213424716.instance_id": "",
                            "route.4213424716.ipv6_cidr_block": "",
                            "route.4213424716.nat_gateway_id": "",
                            "route.4213424716.network_interface_id": "",
                            "route.4213424716.vpc_peering_connection_id": "pcx-c6ac13af",
                            "route.80978548.cidr_block": "10.127.30.7/32",
                            "route.80978548.egress_only_gateway_id": "",
                            "route.80978548.gateway_id": "",
                            "route.80978548.instance_id": "",
                            "route.80978548.ipv6_cidr_block": "",
                            "route.80978548.nat_gateway_id": "",
                            "route.80978548.network_interface_id": "",
                            "route.80978548.vpc_peering_connection_id": "pcx-7fe85416",
                            "tags.%": "5",
                            "tags.Name": "pipeline-jcx-natdc-routetable",
                            "tags.account_name": "jive-microservices-pipeline",
                            "tags.pipeline_phase": "pipeline-jcx",
                            "tags.region": "us-west-2",
                            "tags.sla": "non-prod",
                            "vpc_id": "vpc-52c5e836"
                        },
                        "meta": {},
                        "tainted": false
                    },
                    "deposed": [],
                    "provider": ""
                },
                "aws_route_table.private": {
                    "type": "aws_route_table",
                    "depends_on": [
                        "aws_vpc.main"
                    ],
                    "primary": {
                        "id": "rtb-fab1ab9e",
                        "attributes": {
                            "id": "rtb-fab1ab9e",
                            "propagating_vgws.#": "0",
                            "route.#": "8",
                            "route.1204638655.cidr_block": "10.123.48.0/22",
                            "route.1204638655.egress_only_gateway_id": "",
                            "route.1204638655.gateway_id": "",
                            "route.1204638655.instance_id": "",
                            "route.1204638655.ipv6_cidr_block": "",
                            "route.1204638655.nat_gateway_id": "",
                            "route.1204638655.network_interface_id": "",
                            "route.1204638655.vpc_peering_connection_id": "pcx-d5fe40bc",
                            "route.2061963062.cidr_block": "10.126.4.0/22",
                            "route.2061963062.egress_only_gateway_id": "",
                            "route.2061963062.gateway_id": "",
                            "route.2061963062.instance_id": "",
                            "route.2061963062.ipv6_cidr_block": "",
                            "route.2061963062.nat_gateway_id": "",
                            "route.2061963062.network_interface_id": "",
                            "route.2061963062.vpc_peering_connection_id": "pcx-52be3a3b",
                            "route.243876356.cidr_block": "10.123.52.0/22",
                            "route.243876356.egress_only_gateway_id": "",
                            "route.243876356.gateway_id": "",
                            "route.243876356.instance_id": "",
                            "route.243876356.ipv6_cidr_block": "",
                            "route.243876356.nat_gateway_id": "",
                            "route.243876356.network_interface_id": "",
                            "route.243876356.vpc_peering_connection_id": "pcx-d4fe40bd",
                            "route.3094117472.cidr_block": "10.126.8.0/22",
                            "route.3094117472.egress_only_gateway_id": "",
                            "route.3094117472.gateway_id": "",
                            "route.3094117472.instance_id": "",
                            "route.3094117472.ipv6_cidr_block": "",
                            "route.3094117472.nat_gateway_id": "",
                            "route.3094117472.network_interface_id": "",
                            "route.3094117472.vpc_peering_connection_id": "pcx-53be3a3a",
                            "route.3447414285.cidr_block": "10.123.56.0/22",
                            "route.3447414285.egress_only_gateway_id": "",
                            "route.3447414285.gateway_id": "",
                            "route.3447414285.instance_id": "",
                            "route.3447414285.ipv6_cidr_block": "",
                            "route.3447414285.nat_gateway_id": "",
                            "route.3447414285.network_interface_id": "",
                            "route.3447414285.vpc_peering_connection_id": "pcx-d7fe40be",
                            "route.3841540659.cidr_block": "10.126.0.0/22",
                            "route.3841540659.egress_only_gateway_id": "",
                            "route.3841540659.gateway_id": "",
                            "route.3841540659.instance_id": "",
                            "route.3841540659.ipv6_cidr_block": "",
                            "route.3841540659.nat_gateway_id": "",
                            "route.3841540659.network_interface_id": "",
                            "route.3841540659.vpc_peering_connection_id": "pcx-55be3a3c",
                            "route.4213424716.cidr_block": "10.124.0.0/20",
                            "route.4213424716.egress_only_gateway_id": "",
                            "route.4213424716.gateway_id": "",
                            "route.4213424716.instance_id": "",
                            "route.4213424716.ipv6_cidr_block": "",
                            "route.4213424716.nat_gateway_id": "",
                            "route.4213424716.network_interface_id": "",
                            "route.4213424716.vpc_peering_connection_id": "pcx-c6ac13af",
                            "route.80978548.cidr_block": "10.127.30.7/32",
                            "route.80978548.egress_only_gateway_id": "",
                            "route.80978548.gateway_id": "",
                            "route.80978548.instance_id": "",
                            "route.80978548.ipv6_cidr_block": "",
                            "route.80978548.nat_gateway_id": "",
                            "route.80978548.network_interface_id": "",
                            "route.80978548.vpc_peering_connection_id": "pcx-7fe85416",
                            "tags.%": "5",
                            "tags.Name": "pipeline-jcx-private-routetable",
                            "tags.account_name": "jive-microservices-pipeline",
                            "tags.pipeline_phase": "pipeline-jcx",
                            "tags.region": "us-west-2",
                            "tags.sla": "non-prod",
                            "vpc_id": "vpc-52c5e836"
                        },
                        "meta": {},
                        "tainted": false
                    },
                    "deposed": [],
                    "provider": ""
                },
                "aws_route_table.public": {
                    "type": "aws_route_table",
                    "depends_on": [
                        "aws_internet_gateway.igw",
                        "aws_vpc.main"
                    ],
                    "primary": {
                        "id": "rtb-c4b1aba0",
                        "attributes": {
                            "id": "rtb-c4b1aba0",
                            "propagating_vgws.#": "0",
                            "route.#": "9",
                            "route.1204638655.cidr_block": "10.123.48.0/22",
                            "route.1204638655.egress_only_gateway_id": "",
                            "route.1204638655.gateway_id": "",
                            "route.1204638655.instance_id": "",
                            "route.1204638655.ipv6_cidr_block": "",
                            "route.1204638655.nat_gateway_id": "",
                            "route.1204638655.network_interface_id": "",
                            "route.1204638655.vpc_peering_connection_id": "pcx-d5fe40bc",
                            "route.1441308116.cidr_block": "0.0.0.0/0",
                            "route.1441308116.egress_only_gateway_id": "",
                            "route.1441308116.gateway_id": "igw-fa854d9e",
                            "route.1441308116.instance_id": "",
                            "route.1441308116.ipv6_cidr_block": "",
                            "route.1441308116.nat_gateway_id": "",
                            "route.1441308116.network_interface_id": "",
                            "route.1441308116.vpc_peering_connection_id": "",
                            "route.2061963062.cidr_block": "10.126.4.0/22",
                            "route.2061963062.egress_only_gateway_id": "",
                            "route.2061963062.gateway_id": "",
                            "route.2061963062.instance_id": "",
                            "route.2061963062.ipv6_cidr_block": "",
                            "route.2061963062.nat_gateway_id": "",
                            "route.2061963062.network_interface_id": "",
                            "route.2061963062.vpc_peering_connection_id": "pcx-52be3a3b",
                            "route.243876356.cidr_block": "10.123.52.0/22",
                            "route.243876356.egress_only_gateway_id": "",
                            "route.243876356.gateway_id": "",
                            "route.243876356.instance_id": "",
                            "route.243876356.ipv6_cidr_block": "",
                            "route.243876356.nat_gateway_id": "",
                            "route.243876356.network_interface_id": "",
                            "route.243876356.vpc_peering_connection_id": "pcx-d4fe40bd",
                            "route.3094117472.cidr_block": "10.126.8.0/22",
                            "route.3094117472.egress_only_gateway_id": "",
                            "route.3094117472.gateway_id": "",
                            "route.3094117472.instance_id": "",
                            "route.3094117472.ipv6_cidr_block": "",
                            "route.3094117472.nat_gateway_id": "",
                            "route.3094117472.network_interface_id": "",
                            "route.3094117472.vpc_peering_connection_id": "pcx-53be3a3a",
                            "route.3447414285.cidr_block": "10.123.56.0/22",
                            "route.3447414285.egress_only_gateway_id": "",
                            "route.3447414285.gateway_id": "",
                            "route.3447414285.instance_id": "",
                            "route.3447414285.ipv6_cidr_block": "",
                            "route.3447414285.nat_gateway_id": "",
                            "route.3447414285.network_interface_id": "",
                            "route.3447414285.vpc_peering_connection_id": "pcx-d7fe40be",
                            "route.3841540659.cidr_block": "10.126.0.0/22",
                            "route.3841540659.egress_only_gateway_id": "",
                            "route.3841540659.gateway_id": "",
                            "route.3841540659.instance_id": "",
                            "route.3841540659.ipv6_cidr_block": "",
                            "route.3841540659.nat_gateway_id": "",
                            "route.3841540659.network_interface_id": "",
                            "route.3841540659.vpc_peering_connection_id": "pcx-55be3a3c",
                            "route.4213424716.cidr_block": "10.124.0.0/20",
                            "route.4213424716.egress_only_gateway_id": "",
                            "route.4213424716.gateway_id": "",
                            "route.4213424716.instance_id": "",
                            "route.4213424716.ipv6_cidr_block": "",
                            "route.4213424716.nat_gateway_id": "",
                            "route.4213424716.network_interface_id": "",
                            "route.4213424716.vpc_peering_connection_id": "pcx-c6ac13af",
                            "route.80978548.cidr_block": "10.127.30.7/32",
                            "route.80978548.egress_only_gateway_id": "",
                            "route.80978548.gateway_id": "",
                            "route.80978548.instance_id": "",
                            "route.80978548.ipv6_cidr_block": "",
                            "route.80978548.nat_gateway_id": "",
                            "route.80978548.network_interface_id": "",
                            "route.80978548.vpc_peering_connection_id": "pcx-7fe85416",
                            "tags.%": "6",
                            "tags.KubernetesCluster": "us-west-2_jive-microservices-pipeline-jcx",
                            "tags.Name": "pipeline-jcx-public-routetable",
                            "tags.account_name": "jive-microservices-pipeline",
                            "tags.pipeline_phase": "pipeline-jcx",
                            "tags.region": "us-west-2",
                            "tags.sla": "non-prod",
                            "vpc_id": "vpc-52c5e836"
                        },
                        "meta": {},
                        "tainted": false
                    },
                    "deposed": [],
                    "provider": ""
                },
                "aws_route_table_association.natdc.0": {
                    "type": "aws_route_table_association",
                    "depends_on": [
                        "aws_route_table.natdc.*",
                        "aws_subnet.natdc.*"
                    ],
                    "primary": {
                        "id": "rtbassoc-b0394ad7",
                        "attributes": {
                            "id": "rtbassoc-b0394ad7",
                            "route_table_id": "rtb-60b6ac04",
                            "subnet_id": "subnet-0d177c7b"
                        },
                        "meta": {},
                        "tainted": false
                    },
                    "deposed": [],
                    "provider": ""
                },
                "aws_route_table_association.natdc.1": {
                    "type": "aws_route_table_association",
                    "depends_on": [
                        "aws_route_table.natdc.*",
                        "aws_subnet.natdc.*"
                    ],
                    "primary": {
                        "id": "rtbassoc-414e8738",
                        "attributes": {
                            "id": "rtbassoc-414e8738",
                            "route_table_id": "rtb-fd8f539b",
                            "subnet_id": "subnet-89ab1ed1"
                        },
                        "meta": {},
                        "tainted": false
                    },
                    "deposed": [],
                    "provider": ""
                },
                "aws_route_table_association.natdc.2": {
                    "type": "aws_route_table_association",
                    "depends_on": [
                        "aws_route_table.natdc.*",
                        "aws_subnet.natdc.*"
                    ],
                    "primary": {
                        "id": "rtbassoc-814b82f8",
                        "attributes": {
                            "id": "rtbassoc-814b82f8",
                            "route_table_id": "rtb-208b5746",
                            "subnet_id": "subnet-769ecd12"
                        },
                        "meta": {},
                        "tainted": false
                    },
                    "deposed": [],
                    "provider": ""
                },
                "aws_route_table_association.private.0": {
                    "type": "aws_route_table_association",
                    "depends_on": [
                        "aws_route_table.private",
                        "aws_subnet.private"
                    ],
                    "primary": {
                        "id": "rtbassoc-15394a72",
                        "attributes": {
                            "id": "rtbassoc-15394a72",
                            "route_table_id": "rtb-fab1ab9e",
                            "subnet_id": "subnet-689ecd0c"
                        },
                        "meta": {},
                        "tainted": false
                    },
                    "deposed": [],
                    "provider": ""
                },
                "aws_route_table_association.private.1": {
                    "type": "aws_route_table_association",
                    "depends_on": [
                        "aws_route_table.private",
                        "aws_subnet.private"
                    ],
                    "primary": {
                        "id": "rtbassoc-13394a74",
                        "attributes": {
                            "id": "rtbassoc-13394a74",
                            "route_table_id": "rtb-fab1ab9e",
                            "subnet_id": "subnet-0f177c79"
                        },
                        "meta": {},
                        "tainted": false
                    },
                    "deposed": [],
                    "provider": ""
                },
                "aws_route_table_association.private.2": {
                    "type": "aws_route_table_association",
                    "depends_on": [
                        "aws_route_table.private",
                        "aws_subnet.private"
                    ],
                    "primary": {
                        "id": "rtbassoc-14394a73",
                        "attributes": {
                            "id": "rtbassoc-14394a73",
                            "route_table_id": "rtb-fab1ab9e",
                            "subnet_id": "subnet-96ab1ece"
                        },
                        "meta": {},
                        "tainted": false
                    },
                    "deposed": [],
                    "provider": ""
                },
                "aws_route_table_association.public.0": {
                    "type": "aws_route_table_association",
                    "depends_on": [
                        "aws_route_table.public",
                        "aws_subnet.public"
                    ],
                    "primary": {
                        "id": "rtbassoc-1f394a78",
                        "attributes": {
                            "id": "rtbassoc-1f394a78",
                            "route_table_id": "rtb-c4b1aba0",
                            "subnet_id": "subnet-699ecd0d"
                        },
                        "meta": {},
                        "tainted": false
                    },
                    "deposed": [],
                    "provider": ""
                },
                "aws_route_table_association.public.1": {
                    "type": "aws_route_table_association",
                    "depends_on": [
                        "aws_route_table.public",
                        "aws_subnet.public"
                    ],
                    "primary": {
                        "id": "rtbassoc-11394a76",
                        "attributes": {
                            "id": "rtbassoc-11394a76",
                            "route_table_id": "rtb-c4b1aba0",
                            "subnet_id": "subnet-0a177c7c"
                        },
                        "meta": {},
                        "tainted": false
                    },
                    "deposed": [],
                    "provider": ""
                },
                "aws_route_table_association.public.2": {
                    "type": "aws_route_table_association",
                    "depends_on": [
                        "aws_route_table.public",
                        "aws_subnet.public"
                    ],
                    "primary": {
                        "id": "rtbassoc-10394a77",
                        "attributes": {
                            "id": "rtbassoc-10394a77",
                            "route_table_id": "rtb-c4b1aba0",
                            "subnet_id": "subnet-97ab1ecf"
                        },
                        "meta": {},
                        "tainted": false
                    },
                    "deposed": [],
                    "provider": ""
                },
                "aws_security_group.admin_instance": {
                    "type": "aws_security_group",
                    "depends_on": [
                        "aws_vpc.main"
                    ],
                    "primary": {
                        "id": "sg-6e5c5a08",
                        "attributes": {
                            "description": "Admin instances for the VPC",
                            "egress.#": "0",
                            "id": "sg-6e5c5a08",
                            "ingress.#": "0",
                            "name": "pipeline-jcx-admin-instance",
                            "owner_id": "811034720611",
                            "tags.%": "5",
                            "tags.Name": "pipeline-jcx-admin-instance",
                            "tags.account_name": "jive-microservices-pipeline",
                            "tags.pipeline_phase": "pipeline-jcx",
                            "tags.region": "us-west-2",
                            "tags.sla": "non-prod",
                            "vpc_id": "vpc-52c5e836"
                        },
                        "meta": {},
                        "tainted": false
                    },
                    "deposed": [],
                    "provider": ""
                },
                "aws_security_group.env_instance": {
                    "type": "aws_security_group",
                    "depends_on": [
                        "aws_security_group.admin_instance",
                        "aws_vpc.main"
                    ],
                    "primary": {
                        "id": "sg-715c5a17",
                        "attributes": {
                            "description": "All instances within the evironment",
                            "egress.#": "1",
                            "egress.482069346.cidr_blocks.#": "1",
                            "egress.482069346.cidr_blocks.0": "0.0.0.0/0",
                            "egress.482069346.from_port": "0",
                            "egress.482069346.ipv6_cidr_blocks.#": "0",
                            "egress.482069346.prefix_list_ids.#": "0",
                            "egress.482069346.protocol": "-1",
                            "egress.482069346.security_groups.#": "0",
                            "egress.482069346.self": "false",
                            "egress.482069346.to_port": "0",
                            "id": "sg-715c5a17",
                            "ingress.#": "4",
                            "ingress.179083333.cidr_blocks.#": "1",
                            "ingress.179083333.cidr_blocks.0": "10.0.0.0/8",
                            "ingress.179083333.from_port": "22",
                            "ingress.179083333.ipv6_cidr_blocks.#": "0",
                            "ingress.179083333.protocol": "tcp",
                            "ingress.179083333.security_groups.#": "0",
                            "ingress.179083333.self": "false",
                            "ingress.179083333.to_port": "22",
                            "ingress.2601875010.cidr_blocks.#": "0",
                            "ingress.2601875010.from_port": "22",
                            "ingress.2601875010.ipv6_cidr_blocks.#": "0",
                            "ingress.2601875010.protocol": "tcp",
                            "ingress.2601875010.security_groups.#": "1",
                            "ingress.2601875010.security_groups.628062769": "sg-6e5c5a08",
                            "ingress.2601875010.self": "false",
                            "ingress.2601875010.to_port": "22",
                            "ingress.3280021429.cidr_blocks.#": "1",
                            "ingress.3280021429.cidr_blocks.0": "10.0.0.0/8",
                            "ingress.3280021429.from_port": "8",
                            "ingress.3280021429.ipv6_cidr_blocks.#": "0",
                            "ingress.3280021429.protocol": "icmp",
                            "ingress.3280021429.security_groups.#": "0",
                            "ingress.3280021429.self": "false",
                            "ingress.3280021429.to_port": "0",
                            "ingress.643934689.cidr_blocks.#": "0",
                            "ingress.643934689.from_port": "8",
                            "ingress.643934689.ipv6_cidr_blocks.#": "0",
                            "ingress.643934689.protocol": "icmp",
                            "ingress.643934689.security_groups.#": "1",
                            "ingress.643934689.security_groups.628062769": "sg-6e5c5a08",
                            "ingress.643934689.self": "false",
                            "ingress.643934689.to_port": "0",
                            "name": "pipeline-jcx-instance",
                            "owner_id": "811034720611",
                            "tags.%": "5",
                            "tags.Name": "pipeline-jcx-instance",
                            "tags.account_name": "jive-microservices-pipeline",
                            "tags.pipeline_phase": "pipeline-jcx",
                            "tags.region": "us-west-2",
                            "tags.sla": "non-prod",
                            "vpc_id": "vpc-52c5e836"
                        },
                        "meta": {},
                        "tainted": false
                    },
                    "deposed": [],
                    "provider": ""
                },
                "aws_security_group.jcx-rds": {
                    "type": "aws_security_group",
                    "depends_on": [],
                    "primary": {
                        "id": "sg-dffaeeb9",
                        "attributes": {
                            "description": "RDS DB access for JCX.",
                            "egress.#": "0",
                            "id": "sg-dffaeeb9",
                            "ingress.#": "1",
                            "ingress.3161742656.cidr_blocks.#": "1",
                            "ingress.3161742656.cidr_blocks.0": "10.122.64.0/20",
                            "ingress.3161742656.from_port": "5432",
                            "ingress.3161742656.ipv6_cidr_blocks.#": "0",
                            "ingress.3161742656.protocol": "tcp",
                            "ingress.3161742656.security_groups.#": "0",
                            "ingress.3161742656.self": "false",
                            "ingress.3161742656.to_port": "5432",
                            "name": "pipeline-jcx-rds",
                            "owner_id": "811034720611",
                            "tags.%": "7",
                            "tags.Name": "pipeline-jcx-",
                            "tags.account_name": "jive-microservices-pipeline",
                            "tags.jive_service": "",
                            "tags.pipeline_phase": "pipeline-jcx",
                            "tags.region": "us-west-2",
                            "tags.service_component": "-rds",
                            "tags.sla": "non-prod",
                            "vpc_id": "vpc-27468e43"
                        },
                        "meta": {},
                        "tainted": false
                    },
                    "deposed": [],
                    "provider": ""
                },
                "aws_security_group.natgw_instance": {
                    "type": "aws_security_group",
                    "depends_on": [
                        "aws_security_group.env_instance",
                        "aws_vpc.main"
                    ],
                    "primary": {
                        "id": "sg-7b5c5a1d",
                        "attributes": {
                            "description": "Members of this SG are allowed to send any type of traffic to the NAT Box.",
                            "egress.#": "0",
                            "id": "sg-7b5c5a1d",
                            "ingress.#": "1",
                            "ingress.2550354691.cidr_blocks.#": "0",
                            "ingress.2550354691.from_port": "0",
                            "ingress.2550354691.ipv6_cidr_blocks.#": "0",
                            "ingress.2550354691.protocol": "-1",
                            "ingress.2550354691.security_groups.#": "1",
                            "ingress.2550354691.security_groups.3086719963": "sg-715c5a17",
                            "ingress.2550354691.self": "false",
                            "ingress.2550354691.to_port": "0",
                            "name": "pipeline-jcx-natgw-instance",
                            "owner_id": "811034720611",
                            "tags.%": "5",
                            "tags.Name": "pipeline-jcx-natgw-instance",
                            "tags.account_name": "jive-microservices-pipeline",
                            "tags.pipeline_phase": "pipeline-jcx",
                            "tags.region": "us-west-2",
                            "tags.sla": "non-prod",
                            "vpc_id": "vpc-52c5e836"
                        },
                        "meta": {},
                        "tainted": false
                    },
                    "deposed": [],
                    "provider": ""
                },
                "aws_subnet.natdc.0": {
                    "type": "aws_subnet",
                    "depends_on": [
                        "aws_vpc.main"
                    ],
                    "primary": {
                        "id": "subnet-769ecd12",
                        "attributes": {
                            "assign_ipv6_address_on_creation": "false",
                            "availability_zone": "us-west-2a",
                            "cidr_block": "10.122.64.0/22",
                            "id": "subnet-769ecd12",
                            "map_public_ip_on_launch": "false",
                            "tags.%": "7",
                            "tags.KubernetesCluster": "us-west-2_jive-microservices-pipeline-jcx",
                            "tags.Name": "pipeline-jcx-natdc-subnet",
                            "tags.account_name": "jive-microservices-pipeline",
                            "tags.kubernetes.io/role/internal-elb": "us-west-2_jive-microservices-pipeline-jcx",
                            "tags.pipeline_phase": "pipeline-jcx",
                            "tags.region": "us-west-2",
                            "tags.sla": "non-prod",
                            "vpc_id": "vpc-52c5e836"
                        },
                        "meta": {},
                        "tainted": false
                    },
                    "deposed": [],
                    "provider": ""
                },
                "aws_subnet.natdc.1": {
                    "type": "aws_subnet",
                    "depends_on": [
                        "aws_vpc.main"
                    ],
                    "primary": {
                        "id": "subnet-0d177c7b",
                        "attributes": {
                            "assign_ipv6_address_on_creation": "false",
                            "availability_zone": "us-west-2b",
                            "cidr_block": "10.122.68.0/22",
                            "id": "subnet-0d177c7b",
                            "map_public_ip_on_launch": "false",
                            "tags.%": "7",
                            "tags.KubernetesCluster": "us-west-2_jive-microservices-pipeline-jcx",
                            "tags.Name": "pipeline-jcx-natdc-subnet",
                            "tags.account_name": "jive-microservices-pipeline",
                            "tags.kubernetes.io/role/internal-elb": "us-west-2_jive-microservices-pipeline-jcx",
                            "tags.pipeline_phase": "pipeline-jcx",
                            "tags.region": "us-west-2",
                            "tags.sla": "non-prod",
                            "vpc_id": "vpc-52c5e836"
                        },
                        "meta": {},
                        "tainted": false
                    },
                    "deposed": [],
                    "provider": ""
                },
                "aws_subnet.natdc.2": {
                    "type": "aws_subnet",
                    "depends_on": [
                        "aws_vpc.main"
                    ],
                    "primary": {
                        "id": "subnet-89ab1ed1",
                        "attributes": {
                            "assign_ipv6_address_on_creation": "false",
                            "availability_zone": "us-west-2c",
                            "cidr_block": "10.122.72.0/22",
                            "id": "subnet-89ab1ed1",
                            "map_public_ip_on_launch": "false",
                            "tags.%": "7",
                            "tags.KubernetesCluster": "us-west-2_jive-microservices-pipeline-jcx",
                            "tags.Name": "pipeline-jcx-natdc-subnet",
                            "tags.account_name": "jive-microservices-pipeline",
                            "tags.kubernetes.io/role/internal-elb": "us-west-2_jive-microservices-pipeline-jcx",
                            "tags.pipeline_phase": "pipeline-jcx",
                            "tags.region": "us-west-2",
                            "tags.sla": "non-prod",
                            "vpc_id": "vpc-52c5e836"
                        },
                        "meta": {},
                        "tainted": false
                    },
                    "deposed": [],
                    "provider": ""
                },
                "aws_subnet.private.0": {
                    "type": "aws_subnet",
                    "depends_on": [
                        "aws_vpc.main"
                    ],
                    "primary": {
                        "id": "subnet-689ecd0c",
                        "attributes": {
                            "assign_ipv6_address_on_creation": "false",
                            "availability_zone": "us-west-2a",
                            "cidr_block": "10.122.77.128/25",
                            "id": "subnet-689ecd0c",
                            "map_public_ip_on_launch": "false",
                            "tags.%": "5",
                            "tags.Name": "pipeline-jcx-private-subnet",
                            "tags.account_name": "jive-microservices-pipeline",
                            "tags.pipeline_phase": "pipeline-jcx",
                            "tags.region": "us-west-2",
                            "tags.sla": "non-prod",
                            "vpc_id": "vpc-52c5e836"
                        },
                        "meta": {},
                        "tainted": false
                    },
                    "deposed": [],
                    "provider": ""
                },
                "aws_subnet.private.1": {
                    "type": "aws_subnet",
                    "depends_on": [
                        "aws_vpc.main"
                    ],
                    "primary": {
                        "id": "subnet-0f177c79",
                        "attributes": {
                            "assign_ipv6_address_on_creation": "false",
                            "availability_zone": "us-west-2b",
                            "cidr_block": "10.122.78.0/25",
                            "id": "subnet-0f177c79",
                            "map_public_ip_on_launch": "false",
                            "tags.%": "5",
                            "tags.Name": "pipeline-jcx-private-subnet",
                            "tags.account_name": "jive-microservices-pipeline",
                            "tags.pipeline_phase": "pipeline-jcx",
                            "tags.region": "us-west-2",
                            "tags.sla": "non-prod",
                            "vpc_id": "vpc-52c5e836"
                        },
                        "meta": {},
                        "tainted": false
                    },
                    "deposed": [],
                    "provider": ""
                },
                "aws_subnet.private.2": {
                    "type": "aws_subnet",
                    "depends_on": [
                        "aws_vpc.main"
                    ],
                    "primary": {
                        "id": "subnet-96ab1ece",
                        "attributes": {
                            "assign_ipv6_address_on_creation": "false",
                            "availability_zone": "us-west-2c",
                            "cidr_block": "10.122.78.128/25",
                            "id": "subnet-96ab1ece",
                            "map_public_ip_on_launch": "false",
                            "tags.%": "5",
                            "tags.Name": "pipeline-jcx-private-subnet",
                            "tags.account_name": "jive-microservices-pipeline",
                            "tags.pipeline_phase": "pipeline-jcx",
                            "tags.region": "us-west-2",
                            "tags.sla": "non-prod",
                            "vpc_id": "vpc-52c5e836"
                        },
                        "meta": {},
                        "tainted": false
                    },
                    "deposed": [],
                    "provider": ""
                },
                "aws_subnet.public.0": {
                    "type": "aws_subnet",
                    "depends_on": [
                        "aws_vpc.main"
                    ],
                    "primary": {
                        "id": "subnet-699ecd0d",
                        "attributes": {
                            "assign_ipv6_address_on_creation": "false",
                            "availability_zone": "us-west-2a",
                            "cidr_block": "10.122.76.0/25",
                            "id": "subnet-699ecd0d",
                            "map_public_ip_on_launch": "false",
                            "tags.%": "6",
                            "tags.KubernetesCluster": "us-west-2_jive-microservices-pipeline-jcx",
                            "tags.Name": "pipeline-jcx-public-subnet",
                            "tags.account_name": "jive-microservices-pipeline",
                            "tags.pipeline_phase": "pipeline-jcx",
                            "tags.region": "us-west-2",
                            "tags.sla": "non-prod",
                            "vpc_id": "vpc-52c5e836"
                        },
                        "meta": {},
                        "tainted": false
                    },
                    "deposed": [],
                    "provider": ""
                },
                "aws_subnet.public.1": {
                    "type": "aws_subnet",
                    "depends_on": [
                        "aws_vpc.main"
                    ],
                    "primary": {
                        "id": "subnet-0a177c7c",
                        "attributes": {
                            "assign_ipv6_address_on_creation": "false",
                            "availability_zone": "us-west-2b",
                            "cidr_block": "10.122.76.128/25",
                            "id": "subnet-0a177c7c",
                            "map_public_ip_on_launch": "false",
                            "tags.%": "6",
                            "tags.KubernetesCluster": "us-west-2_jive-microservices-pipeline-jcx",
                            "tags.Name": "pipeline-jcx-public-subnet",
                            "tags.account_name": "jive-microservices-pipeline",
                            "tags.pipeline_phase": "pipeline-jcx",
                            "tags.region": "us-west-2",
                            "tags.sla": "non-prod",
                            "vpc_id": "vpc-52c5e836"
                        },
                        "meta": {},
                        "tainted": false
                    },
                    "deposed": [],
                    "provider": ""
                },
                "aws_subnet.public.2": {
                    "type": "aws_subnet",
                    "depends_on": [
                        "aws_vpc.main"
                    ],
                    "primary": {
                        "id": "subnet-97ab1ecf",
                        "attributes": {
                            "assign_ipv6_address_on_creation": "false",
                            "availability_zone": "us-west-2c",
                            "cidr_block": "10.122.77.0/25",
                            "id": "subnet-97ab1ecf",
                            "map_public_ip_on_launch": "false",
                            "tags.%": "6",
                            "tags.KubernetesCluster": "us-west-2_jive-microservices-pipeline-jcx",
                            "tags.Name": "pipeline-jcx-public-subnet",
                            "tags.account_name": "jive-microservices-pipeline",
                            "tags.pipeline_phase": "pipeline-jcx",
                            "tags.region": "us-west-2",
                            "tags.sla": "non-prod",
                            "vpc_id": "vpc-52c5e836"
                        },
                        "meta": {},
                        "tainted": false
                    },
                    "deposed": [],
                    "provider": ""
                },
                "aws_vpc.main": {
                    "type": "aws_vpc",
                    "depends_on": [],
                    "primary": {
                        "id": "vpc-52c5e836",
                        "attributes": {
                            "assign_generated_ipv6_cidr_block": "false",
                            "cidr_block": "10.122.64.0/20",
                            "default_network_acl_id": "acl-7cc3c518",
                            "default_route_table_id": "rtb-f0b1ab94",
                            "default_security_group_id": "sg-995f59ff",
                            "dhcp_options_id": "dopt-a5a8cec0",
                            "enable_classiclink": "false",
                            "enable_dns_hostnames": "true",
                            "enable_dns_support": "true",
                            "id": "vpc-52c5e836",
                            "instance_tenancy": "default",
                            "main_route_table_id": "rtb-f0b1ab94",
                            "tags.%": "5",
                            "tags.Name": "pipeline-jcx-vpc",
                            "tags.account_name": "jive-microservices-pipeline",
                            "tags.pipeline_phase": "pipeline-jcx",
                            "tags.region": "us-west-2",
                            "tags.sla": "non-prod"
                        },
                        "meta": {
                            "schema_version": "1"
                        },
                        "tainted": false
                    },
                    "deposed": [],
                    "provider": ""
                },
                "aws_vpc_peering_connection.bikou": {
                    "type": "aws_vpc_peering_connection",
                    "depends_on": [
                        "aws_vpc.main"
                    ],
                    "primary": {
                        "id": "pcx-2c189045",
                        "attributes": {
                            "accept_status": "pending-acceptance",
                            "accepter.#": "0",
                            "id": "pcx-2c189045",
                            "peer_owner_id": "417900408555",
                            "peer_vpc_id": "vpc-d3272bb6",
                            "requester.#": "1",
                            "requester.3244290774.allow_classic_link_to_remote_vpc": "false",
                            "requester.3244290774.allow_remote_vpc_dns_resolution": "false",
                            "requester.3244290774.allow_vpc_to_remote_classic_link": "false",
                            "tags.%": "5",
                            "tags.Account_name": "jive-microservices-pipeline",
                            "tags.Name": "pipeline-jcx_to_bikou",
                            "tags.Pipeline_phase": "pipeline-jcx",
                            "tags.Region": "us-west-2",
                            "tags.SLA": "non-prod",
                            "vpc_id": "vpc-52c5e836"
                        },
                        "meta": {},
                        "tainted": false
                    },
                    "deposed": [],
                    "provider": ""
                },
                "aws_vpc_peering_connection.data_jcx_integ": {
                    "type": "aws_vpc_peering_connection",
                    "depends_on": [
                        "aws_vpc.main"
                    ],
                    "primary": {
                        "id": "pcx-d5fe40bc",
                        "attributes": {
                            "accept_status": "active",
                            "accepter.#": "0",
                            "id": "pcx-d5fe40bc",
                            "peer_owner_id": "999547976641",
                            "peer_vpc_id": "vpc-5e92383a",
                            "requester.#": "1",
                            "requester.3244290774.allow_classic_link_to_remote_vpc": "false",
                            "requester.3244290774.allow_remote_vpc_dns_resolution": "false",
                            "requester.3244290774.allow_vpc_to_remote_classic_link": "false",
                            "tags.%": "5",
                            "tags.Name": "pipeline-jcx_to_data_account_integ",
                            "tags.account_name": "jive-microservices-pipeline",
                            "tags.pipeline_phase": "pipeline-jcx",
                            "tags.region": "us-west-2",
                            "tags.sla": "non-prod",
                            "vpc_id": "vpc-52c5e836"
                        },
                        "meta": {},
                        "tainted": false
                    },
                    "deposed": [],
                    "provider": ""
                },
                "aws_vpc_peering_connection.data_jcx_release": {
                    "type": "aws_vpc_peering_connection",
                    "depends_on": [
                        "aws_vpc.main"
                    ],
                    "primary": {
                        "id": "pcx-d7fe40be",
                        "attributes": {
                            "accept_status": "active",
                            "accepter.#": "0",
                            "id": "pcx-d7fe40be",
                            "peer_owner_id": "999547976641",
                            "peer_vpc_id": "vpc-748e3b10",
                            "requester.#": "1",
                            "requester.3244290774.allow_classic_link_to_remote_vpc": "false",
                            "requester.3244290774.allow_remote_vpc_dns_resolution": "false",
                            "requester.3244290774.allow_vpc_to_remote_classic_link": "false",
                            "tags.%": "5",
                            "tags.Name": "pipeline-jcx_to_data_account_release",
                            "tags.account_name": "jive-microservices-pipeline",
                            "tags.pipeline_phase": "pipeline-jcx",
                            "tags.region": "us-west-2",
                            "tags.sla": "non-prod",
                            "vpc_id": "vpc-52c5e836"
                        },
                        "meta": {},
                        "tainted": false
                    },
                    "deposed": [],
                    "provider": ""
                },
                "aws_vpc_peering_connection.data_jcx_test": {
                    "type": "aws_vpc_peering_connection",
                    "depends_on": [
                        "aws_vpc.main"
                    ],
                    "primary": {
                        "id": "pcx-d4fe40bd",
                        "attributes": {
                            "accept_status": "active",
                            "accepter.#": "0",
                            "id": "pcx-d4fe40bd",
                            "peer_owner_id": "999547976641",
                            "peer_vpc_id": "vpc-a69238c2",
                            "requester.#": "1",
                            "requester.3244290774.allow_classic_link_to_remote_vpc": "false",
                            "requester.3244290774.allow_remote_vpc_dns_resolution": "false",
                            "requester.3244290774.allow_vpc_to_remote_classic_link": "false",
                            "tags.%": "5",
                            "tags.Name": "pipeline-jcx_to_data_account_test",
                            "tags.account_name": "jive-microservices-pipeline",
                            "tags.pipeline_phase": "pipeline-jcx",
                            "tags.region": "us-west-2",
                            "tags.sla": "non-prod",
                            "vpc_id": "vpc-52c5e836"
                        },
                        "meta": {},
                        "tainted": false
                    },
                    "deposed": [],
                    "provider": ""
                },
                "aws_vpc_peering_connection.infra": {
                    "type": "aws_vpc_peering_connection",
                    "depends_on": [
                        "aws_vpc.main"
                    ],
                    "primary": {
                        "id": "pcx-7fe85416",
                        "attributes": {
                            "accept_status": "active",
                            "accepter.#": "1",
                            "accepter.3244290774.allow_classic_link_to_remote_vpc": "false",
                            "accepter.3244290774.allow_remote_vpc_dns_resolution": "false",
                            "accepter.3244290774.allow_vpc_to_remote_classic_link": "false",
                            "auto_accept": "true",
                            "id": "pcx-7fe85416",
                            "peer_owner_id": "811034720611",
                            "peer_vpc_id": "vpc-27468e43",
                            "requester.#": "1",
                            "requester.3244290774.allow_classic_link_to_remote_vpc": "false",
                            "requester.3244290774.allow_remote_vpc_dns_resolution": "false",
                            "requester.3244290774.allow_vpc_to_remote_classic_link": "false",
                            "tags.%": "5",
                            "tags.Name": "pipeline-jcx_to_infra-jive-microservices-pipeline",
                            "tags.account_name": "jive-microservices-pipeline",
                            "tags.pipeline_phase": "pipeline-jcx",
                            "tags.region": "us-west-2",
                            "tags.sla": "non-prod",
                            "vpc_id": "vpc-52c5e836"
                        },
                        "meta": {},
                        "tainted": false
                    },
                    "deposed": [],
                    "provider": ""
                },
                "aws_vpc_peering_connection.reco_integ": {
                    "type": "aws_vpc_peering_connection",
                    "depends_on": [
                        "aws_vpc.main"
                    ],
                    "primary": {
                        "id": "pcx-55be3a3c",
                        "attributes": {
                            "accept_status": "active",
                            "accepter.#": "0",
                            "id": "pcx-55be3a3c",
                            "peer_owner_id": "642745549043",
                            "peer_vpc_id": "vpc-901faaf4",
                            "requester.#": "1",
                            "requester.3244290774.allow_classic_link_to_remote_vpc": "false",
                            "requester.3244290774.allow_remote_vpc_dns_resolution": "false",
                            "requester.3244290774.allow_vpc_to_remote_classic_link": "false",
                            "tags.%": "5",
                            "tags.Name": "pipeline-jcx_to_reco_account_integ",
                            "tags.account_name": "jive-microservices-pipeline",
                            "tags.pipeline_phase": "pipeline-jcx",
                            "tags.region": "us-west-2",
                            "tags.sla": "non-prod",
                            "vpc_id": "vpc-52c5e836"
                        },
                        "meta": {},
                        "tainted": false
                    },
                    "deposed": [],
                    "provider": ""
                },
                "aws_vpc_peering_connection.reco_release": {
                    "type": "aws_vpc_peering_connection",
                    "depends_on": [
                        "aws_vpc.main"
                    ],
                    "primary": {
                        "id": "pcx-53be3a3a",
                        "attributes": {
                            "accept_status": "active",
                            "accepter.#": "0",
                            "id": "pcx-53be3a3a",
                            "peer_owner_id": "642745549043",
                            "peer_vpc_id": "vpc-651aaf01",
                            "requester.#": "1",
                            "requester.3244290774.allow_classic_link_to_remote_vpc": "false",
                            "requester.3244290774.allow_remote_vpc_dns_resolution": "false",
                            "requester.3244290774.allow_vpc_to_remote_classic_link": "false",
                            "tags.%": "5",
                            "tags.Name": "pipeline-jcx_to_reco_account_release",
                            "tags.account_name": "jive-microservices-pipeline",
                            "tags.pipeline_phase": "pipeline-jcx",
                            "tags.region": "us-west-2",
                            "tags.sla": "non-prod",
                            "vpc_id": "vpc-52c5e836"
                        },
                        "meta": {},
                        "tainted": false
                    },
                    "deposed": [],
                    "provider": ""
                },
                "aws_vpc_peering_connection.reco_test": {
                    "type": "aws_vpc_peering_connection",
                    "depends_on": [
                        "aws_vpc.main"
                    ],
                    "primary": {
                        "id": "pcx-52be3a3b",
                        "attributes": {
                            "accept_status": "active",
                            "accepter.#": "0",
                            "id": "pcx-52be3a3b",
                            "peer_owner_id": "642745549043",
                            "peer_vpc_id": "vpc-ea19ac8e",
                            "requester.#": "1",
                            "requester.3244290774.allow_classic_link_to_remote_vpc": "false",
                            "requester.3244290774.allow_remote_vpc_dns_resolution": "false",
                            "requester.3244290774.allow_vpc_to_remote_classic_link": "false",
                            "tags.%": "5",
                            "tags.Name": "pipeline-jcx_to_reco_account_test",
                            "tags.account_name": "jive-microservices-pipeline",
                            "tags.pipeline_phase": "pipeline-jcx",
                            "tags.region": "us-west-2",
                            "tags.sla": "non-prod",
                            "vpc_id": "vpc-52c5e836"
                        },
                        "meta": {},
                        "tainted": false
                    },
                    "deposed": [],
                    "provider": ""
                },
                "aws_vpn_connection.corp_main": {
                    "type": "aws_vpn_connection",
                    "depends_on": [
                        "aws_vpn_gateway.vgw"
                    ],
                    "primary": {
                        "id": "vpn-e77e66f5",
                        "attributes": {
                            "customer_gateway_configuration": "\u003c?xml version=\"1.0\" encoding=\"UTF-8\"?\u003e\n\u003cvpn_connection id=\"vpn-e77e66f5\"\u003e\n  \u003ccustomer_gateway_id\u003ecgw-27944f39\u003c/customer_gateway_id\u003e\n  \u003cvpn_gateway_id\u003evgw-c42cf5da\u003c/vpn_gateway_id\u003e\n  \u003cvpn_connection_type\u003eipsec.1\u003c/vpn_connection_type\u003e\n  \u003cvpn_connection_attributes\u003eNoBGPVPNConnection\u003c/vpn_connection_attributes\u003e\n  \u003cipsec_tunnel\u003e\n    \u003ccustomer_gateway\u003e\n      \u003ctunnel_outside_address\u003e\n        \u003cip_address\u003e204.93.66.3\u003c/ip_address\u003e\n      \u003c/tunnel_outside_address\u003e\n      \u003ctunnel_inside_address\u003e\n        \u003cip_address\u003e169.254.15.142\u003c/ip_address\u003e\n        \u003cnetwork_mask\u003e255.255.255.252\u003c/network_mask\u003e\n        \u003cnetwork_cidr\u003e30\u003c/network_cidr\u003e\n      \u003c/tunnel_inside_address\u003e\n    \u003c/customer_gateway\u003e\n    \u003cvpn_gateway\u003e\n      \u003ctunnel_outside_address\u003e\n        \u003cip_address\u003e35.163.240.200\u003c/ip_address\u003e\n      \u003c/tunnel_outside_address\u003e\n      \u003ctunnel_inside_address\u003e\n        \u003cip_address\u003e169.254.15.141\u003c/ip_address\u003e\n        \u003cnetwork_mask\u003e255.255.255.252\u003c/network_mask\u003e\n        \u003cnetwork_cidr\u003e30\u003c/network_cidr\u003e\n      \u003c/tunnel_inside_address\u003e\n    \u003c/vpn_gateway\u003e\n    \u003cike\u003e\n      \u003cauthentication_protocol\u003esha1\u003c/authentication_protocol\u003e\n      \u003cencryption_protocol\u003eaes-128-cbc\u003c/encryption_protocol\u003e\n      \u003clifetime\u003e28800\u003c/lifetime\u003e\n      \u003cperfect_forward_secrecy\u003egroup2\u003c/perfect_forward_secrecy\u003e\n      \u003cmode\u003emain\u003c/mode\u003e\n      \u003cpre_shared_key\u003elKjoCBJq5wUKzcLaR_RbdR_yszvHwHBZ\u003c/pre_shared_key\u003e\n    \u003c/ike\u003e\n    \u003cipsec\u003e\n      \u003cprotocol\u003eesp\u003c/protocol\u003e\n      \u003cauthentication_protocol\u003ehmac-sha1-96\u003c/authentication_protocol\u003e\n      \u003cencryption_protocol\u003eaes-128-cbc\u003c/encryption_protocol\u003e\n      \u003clifetime\u003e3600\u003c/lifetime\u003e\n      \u003cperfect_forward_secrecy\u003egroup2\u003c/perfect_forward_secrecy\u003e\n      \u003cmode\u003etunnel\u003c/mode\u003e\n      \u003cclear_df_bit\u003etrue\u003c/clear_df_bit\u003e\n      \u003cfragmentation_before_encryption\u003etrue\u003c/fragmentation_before_encryption\u003e\n      \u003ctcp_mss_adjustment\u003e1379\u003c/tcp_mss_adjustment\u003e\n      \u003cdead_peer_detection\u003e\n        \u003cinterval\u003e10\u003c/interval\u003e\n        \u003cretries\u003e3\u003c/retries\u003e\n      \u003c/dead_peer_detection\u003e\n    \u003c/ipsec\u003e\n  \u003c/ipsec_tunnel\u003e\n  \u003cipsec_tunnel\u003e\n    \u003ccustomer_gateway\u003e\n      \u003ctunnel_outside_address\u003e\n        \u003cip_address\u003e204.93.66.3\u003c/ip_address\u003e\n      \u003c/tunnel_outside_address\u003e\n      \u003ctunnel_inside_address\u003e\n        \u003cip_address\u003e169.254.14.6\u003c/ip_address\u003e\n        \u003cnetwork_mask\u003e255.255.255.252\u003c/network_mask\u003e\n        \u003cnetwork_cidr\u003e30\u003c/network_cidr\u003e\n      \u003c/tunnel_inside_address\u003e\n    \u003c/customer_gateway\u003e\n    \u003cvpn_gateway\u003e\n      \u003ctunnel_outside_address\u003e\n        \u003cip_address\u003e52.40.112.62\u003c/ip_address\u003e\n      \u003c/tunnel_outside_address\u003e\n      \u003ctunnel_inside_address\u003e\n        \u003cip_address\u003e169.254.14.5\u003c/ip_address\u003e\n        \u003cnetwork_mask\u003e255.255.255.252\u003c/network_mask\u003e\n        \u003cnetwork_cidr\u003e30\u003c/network_cidr\u003e\n      \u003c/tunnel_inside_address\u003e\n    \u003c/vpn_gateway\u003e\n    \u003cike\u003e\n      \u003cauthentication_protocol\u003esha1\u003c/authentication_protocol\u003e\n      \u003cencryption_protocol\u003eaes-128-cbc\u003c/encryption_protocol\u003e\n      \u003clifetime\u003e28800\u003c/lifetime\u003e\n      \u003cperfect_forward_secrecy\u003egroup2\u003c/perfect_forward_secrecy\u003e\n      \u003cmode\u003emain\u003c/mode\u003e\n      \u003cpre_shared_key\u003eLxk2dKANoMV4Jo5EJGOPOeMyf2SG4vhL\u003c/pre_shared_key\u003e\n    \u003c/ike\u003e\n    \u003cipsec\u003e\n      \u003cprotocol\u003eesp\u003c/protocol\u003e\n      \u003cauthentication_protocol\u003ehmac-sha1-96\u003c/authentication_protocol\u003e\n      \u003cencryption_protocol\u003eaes-128-cbc\u003c/encryption_protocol\u003e\n      \u003clifetime\u003e3600\u003c/lifetime\u003e\n      \u003cperfect_forward_secrecy\u003egroup2\u003c/perfect_forward_secrecy\u003e\n      \u003cmode\u003etunnel\u003c/mode\u003e\n      \u003cclear_df_bit\u003etrue\u003c/clear_df_bit\u003e\n      \u003cfragmentation_before_encryption\u003etrue\u003c/fragmentation_before_encryption\u003e\n      \u003ctcp_mss_adjustment\u003e1379\u003c/tcp_mss_adjustment\u003e\n      \u003cdead_peer_detection\u003e\n        \u003cinterval\u003e10\u003c/interval\u003e\n        \u003cretries\u003e3\u003c/retries\u003e\n      \u003c/dead_peer_detection\u003e\n    \u003c/ipsec\u003e\n  \u003c/ipsec_tunnel\u003e\n\u003c/vpn_connection\u003e\n",
                            "customer_gateway_id": "cgw-27944f39",
                            "id": "vpn-e77e66f5",
                            "routes.#": "8",
                            "routes.1662141942.destination_cidr_block": "10.46.0.0/16",
                            "routes.1662141942.source": "",
                            "routes.1662141942.state": "available",
                            "routes.1720902168.destination_cidr_block": "10.61.0.0/16",
                            "routes.1720902168.source": "",
                            "routes.1720902168.state": "available",
                            "routes.1856423114.destination_cidr_block": "10.5.0.0/16",
                            "routes.1856423114.source": "",
                            "routes.1856423114.state": "available",
                            "routes.2664906423.destination_cidr_block": "10.84.0.0/16",
                            "routes.2664906423.source": "",
                            "routes.2664906423.state": "available",
                            "routes.2758324806.destination_cidr_block": "10.7.0.0/16",
                            "routes.2758324806.source": "",
                            "routes.2758324806.state": "available",
                            "routes.3042832040.destination_cidr_block": "10.81.0.0/16",
                            "routes.3042832040.source": "",
                            "routes.3042832040.state": "available",
                            "routes.3239020800.destination_cidr_block": "10.6.0.0/16",
                            "routes.3239020800.source": "",
                            "routes.3239020800.state": "available",
                            "routes.452240226.destination_cidr_block": "10.82.0.0/16",
                            "routes.452240226.source": "",
                            "routes.452240226.state": "available",
                            "static_routes_only": "true",
                            "tags.%": "5",
                            "tags.Name": "pipeline-jcx-jive-vpn",
                            "tags.account_name": "jive-microservices-pipeline",
                            "tags.pipeline_phase": "pipeline-jcx",
                            "tags.region": "us-west-2",
                            "tags.sla": "non-prod",
                            "tunnel1_address": "35.163.240.200",
                            "tunnel1_preshared_key": "lKjoCBJq5wUKzcLaR_RbdR_yszvHwHBZ",
                            "tunnel2_address": "52.40.112.62",
                            "tunnel2_preshared_key": "Lxk2dKANoMV4Jo5EJGOPOeMyf2SG4vhL",
                            "type": "ipsec.1",
                            "vgw_telemetry.#": "2",
                            "vgw_telemetry.1215847971.accepted_route_count": "8",
                            "vgw_telemetry.1215847971.last_status_change": "2017-03-17 21:16:59 +0000 UTC",
                            "vgw_telemetry.1215847971.outside_ip_address": "52.40.112.62",
                            "vgw_telemetry.1215847971.status": "UP",
                            "vgw_telemetry.1215847971.status_message": "",
                            "vgw_telemetry.4024418904.accepted_route_count": "8",
                            "vgw_telemetry.4024418904.last_status_change": "2017-03-17 21:18:18 +0000 UTC",
                            "vgw_telemetry.4024418904.outside_ip_address": "35.163.240.200",
                            "vgw_telemetry.4024418904.status": "UP",
                            "vgw_telemetry.4024418904.status_message": "",
                            "vpn_gateway_id": "vgw-c42cf5da"
                        },
                        "meta": {},
                        "tainted": false
                    },
                    "deposed": [],
                    "provider": ""
                },
                "aws_vpn_connection_route.route_10_46": {
                    "type": "aws_vpn_connection_route",
                    "depends_on": [
                        "aws_vpn_connection.corp_main"
                    ],
                    "primary": {
                        "id": "10.46.0.0/16:vpn-e77e66f5",
                        "attributes": {
                            "destination_cidr_block": "10.46.0.0/16",
                            "id": "10.46.0.0/16:vpn-e77e66f5",
                            "vpn_connection_id": "vpn-e77e66f5"
                        },
                        "meta": {},
                        "tainted": false
                    },
                    "deposed": [],
                    "provider": ""
                },
                "aws_vpn_connection_route.route_10_5": {
                    "type": "aws_vpn_connection_route",
                    "depends_on": [
                        "aws_vpn_connection.corp_main"
                    ],
                    "primary": {
                        "id": "10.5.0.0/16:vpn-e77e66f5",
                        "attributes": {
                            "destination_cidr_block": "10.5.0.0/16",
                            "id": "10.5.0.0/16:vpn-e77e66f5",
                            "vpn_connection_id": "vpn-e77e66f5"
                        },
                        "meta": {},
                        "tainted": false
                    },
                    "deposed": [],
                    "provider": ""
                },
                "aws_vpn_connection_route.route_10_6": {
                    "type": "aws_vpn_connection_route",
                    "depends_on": [
                        "aws_vpn_connection.corp_main"
                    ],
                    "primary": {
                        "id": "10.6.0.0/16:vpn-e77e66f5",
                        "attributes": {
                            "destination_cidr_block": "10.6.0.0/16",
                            "id": "10.6.0.0/16:vpn-e77e66f5",
                            "vpn_connection_id": "vpn-e77e66f5"
                        },
                        "meta": {},
                        "tainted": false
                    },
                    "deposed": [],
                    "provider": ""
                },
                "aws_vpn_connection_route.route_10_61": {
                    "type": "aws_vpn_connection_route",
                    "depends_on": [
                        "aws_vpn_connection.corp_main"
                    ],
                    "primary": {
                        "id": "10.61.0.0/16:vpn-e77e66f5",
                        "attributes": {
                            "destination_cidr_block": "10.61.0.0/16",
                            "id": "10.61.0.0/16:vpn-e77e66f5",
                            "vpn_connection_id": "vpn-e77e66f5"
                        },
                        "meta": {},
                        "tainted": false
                    },
                    "deposed": [],
                    "provider": ""
                },
                "aws_vpn_connection_route.route_10_7": {
                    "type": "aws_vpn_connection_route",
                    "depends_on": [
                        "aws_vpn_connection.corp_main"
                    ],
                    "primary": {
                        "id": "10.7.0.0/16:vpn-e77e66f5",
                        "attributes": {
                            "destination_cidr_block": "10.7.0.0/16",
                            "id": "10.7.0.0/16:vpn-e77e66f5",
                            "vpn_connection_id": "vpn-e77e66f5"
                        },
                        "meta": {},
                        "tainted": false
                    },
                    "deposed": [],
                    "provider": ""
                },
                "aws_vpn_connection_route.route_10_81": {
                    "type": "aws_vpn_connection_route",
                    "depends_on": [
                        "aws_vpn_connection.corp_main"
                    ],
                    "primary": {
                        "id": "10.81.0.0/16:vpn-e77e66f5",
                        "attributes": {
                            "destination_cidr_block": "10.81.0.0/16",
                            "id": "10.81.0.0/16:vpn-e77e66f5",
                            "vpn_connection_id": "vpn-e77e66f5"
                        },
                        "meta": {},
                        "tainted": false
                    },
                    "deposed": [],
                    "provider": ""
                },
                "aws_vpn_connection_route.route_10_82": {
                    "type": "aws_vpn_connection_route",
                    "depends_on": [
                        "aws_vpn_connection.corp_main"
                    ],
                    "primary": {
                        "id": "10.82.0.0/16:vpn-e77e66f5",
                        "attributes": {
                            "destination_cidr_block": "10.82.0.0/16",
                            "id": "10.82.0.0/16:vpn-e77e66f5",
                            "vpn_connection_id": "vpn-e77e66f5"
                        },
                        "meta": {},
                        "tainted": false
                    },
                    "deposed": [],
                    "provider": ""
                },
                "aws_vpn_connection_route.route_10_84": {
                    "type": "aws_vpn_connection_route",
                    "depends_on": [
                        "aws_vpn_connection.corp_main"
                    ],
                    "primary": {
                        "id": "10.84.0.0/16:vpn-e77e66f5",
                        "attributes": {
                            "destination_cidr_block": "10.84.0.0/16",
                            "id": "10.84.0.0/16:vpn-e77e66f5",
                            "vpn_connection_id": "vpn-e77e66f5"
                        },
                        "meta": {},
                        "tainted": false
                    },
                    "deposed": [],
                    "provider": ""
                },
                "aws_vpn_gateway.vgw": {
                    "type": "aws_vpn_gateway",
                    "depends_on": [
                        "aws_vpc.main"
                    ],
                    "primary": {
                        "id": "vgw-c42cf5da",
                        "attributes": {
                            "availability_zone": "",
                            "id": "vgw-c42cf5da",
                            "tags.%": "7",
                            "tags.Name": "pipeline-jcx-vgw",
                            "tags.account_name": "jive-microservices-pipeline",
                            "tags.jive_service": "infrastructure",
                            "tags.pipeline_phase": "pipeline-jcx",
                            "tags.region": "us-west-2",
                            "tags.service_component": "vpn_gateway",
                            "tags.sla": "non-prod",
                            "vpc_id": "vpc-52c5e836"
                        },
                        "meta": {},
                        "tainted": false
                    },
                    "deposed": [],
                    "provider": ""
                }
            },
            "depends_on": []
        }
    ]
}
