{
    "version": 3,
    "terraform_version": "0.9.4",
    "serial": 0,
    "lineage": "0308ca96-ed81-44fb-a339-426ea8947e61",
    "modules": [
        {
            "path": [
                "root"
            ],
            "outputs": {},
            "resources": {
                "aws_db_parameter_group.identity_default": {
                    "type": "aws_db_parameter_group",
                    "depends_on": [],
                    "primary": {
                        "id": "soa-identity-postgres-ms-integ-param",
                        "attributes": {
                            "arn": "arn:aws:rds:us-east-1:811034720611:pg:soa-identity-postgres-ms-integ-param",
                            "description": "Managed by Horizon",
                            "family": "postgres9.5",
                            "id": "soa-identity-postgres-ms-integ-param",
                            "name": "soa-identity-postgres-ms-integ-param",
                            "parameter.#": "0",
                            "tags.%": "0"
                        },
                        "meta": {},
                        "tainted": false
                    },
                    "deposed": [],
                    "provider": ""
                },
                "aws_db_parameter_group.identity_migration": {
                    "type": "aws_db_parameter_group",
                    "depends_on": [],
                    "primary": {
                        "id": "soa-identity-migration-postgres-ms-integ-param",
                        "attributes": {
                            "arn": "arn:aws:rds:us-east-1:811034720611:pg:soa-identity-migration-postgres-ms-integ-param",
                            "description": "Managed by Horizon",
                            "family": "postgres9.5",
                            "id": "soa-identity-migration-postgres-ms-integ-param",
                            "name": "soa-identity-migration-postgres-ms-integ-param",
                            "parameter.#": "0",
                            "tags.%": "0"
                        },
                        "meta": {},
                        "tainted": false
                    },
                    "deposed": [],
                    "provider": ""
                },
                "aws_security_group.identity_default_postgres": {
                    "type": "aws_security_group",
                    "depends_on": [],
                    "primary": {
                        "id": "sg-57f3ce24",
                        "attributes": {
                            "description": "Access to identity default postgres (ms-integ)",
                            "egress.#": "0",
                            "id": "sg-57f3ce24",
                            "ingress.#": "2",
                            "ingress.1544256338.cidr_blocks.#": "1",
                            "ingress.1544256338.cidr_blocks.0": "10.127.43.7/32",
                            "ingress.1544256338.from_port": "5432",
                            "ingress.1544256338.ipv6_cidr_blocks.#": "0",
                            "ingress.1544256338.protocol": "tcp",
                            "ingress.1544256338.security_groups.#": "0",
                            "ingress.1544256338.self": "false",
                            "ingress.1544256338.to_port": "5432",
                            "ingress.2117081657.cidr_blocks.#": "1",
                            "ingress.2117081657.cidr_blocks.0": "10.125.0.0/16",
                            "ingress.2117081657.from_port": "5432",
                            "ingress.2117081657.ipv6_cidr_blocks.#": "0",
                            "ingress.2117081657.protocol": "tcp",
                            "ingress.2117081657.security_groups.#": "0",
                            "ingress.2117081657.self": "false",
                            "ingress.2117081657.to_port": "5432",
                            "name": "ms-integ-identity_default_postgres",
                            "owner_id": "811034720611",
                            "tags.%": "3",
                            "tags.Name": "ms-integ-identity_default_postgres",
                            "tags.jive_service": "identity",
                            "tags.pipeline_phase": "ms-integ",
                            "vpc_id": "vpc-e942d990"
                        },
                        "meta": {},
                        "tainted": false
                    },
                    "deposed": [],
                    "provider": ""
                },
                "aws_security_group.identity_migration_postgres": {
                    "type": "aws_security_group",
                    "depends_on": [],
                    "primary": {
                        "id": "sg-2df0cd5e",
                        "attributes": {
                            "description": "Access to identity migration postgres (ms-integ)",
                            "egress.#": "0",
                            "id": "sg-2df0cd5e",
                            "ingress.#": "2",
                            "ingress.1544256338.cidr_blocks.#": "1",
                            "ingress.1544256338.cidr_blocks.0": "10.127.43.7/32",
                            "ingress.1544256338.from_port": "5432",
                            "ingress.1544256338.ipv6_cidr_blocks.#": "0",
                            "ingress.1544256338.protocol": "tcp",
                            "ingress.1544256338.security_groups.#": "0",
                            "ingress.1544256338.self": "false",
                            "ingress.1544256338.to_port": "5432",
                            "ingress.2117081657.cidr_blocks.#": "1",
                            "ingress.2117081657.cidr_blocks.0": "10.125.0.0/16",
                            "ingress.2117081657.from_port": "5432",
                            "ingress.2117081657.ipv6_cidr_blocks.#": "0",
                            "ingress.2117081657.protocol": "tcp",
                            "ingress.2117081657.security_groups.#": "0",
                            "ingress.2117081657.self": "false",
                            "ingress.2117081657.to_port": "5432",
                            "name": "ms-integ-identity_migration_postgres",
                            "owner_id": "811034720611",
                            "tags.%": "3",
                            "tags.Name": "ms-integ-identity_migration_postgres",
                            "tags.jive_service": "identity",
                            "tags.pipeline_phase": "ms-integ",
                            "vpc_id": "vpc-e942d990"
                        },
                        "meta": {},
                        "tainted": false
                    },
                    "deposed": [],
                    "provider": ""
                }
            },
            "depends_on": []
        }
    ]
}
