{
    "version": 3,
    "terraform_version": "0.9.2",
    "serial": 18,
    "lineage": "88d11416-fa77-4107-8b04-ad9ba52a222c",
    "modules": [
        {
            "path": [
                "root"
            ],
            "outputs": {},
            "resources": {
                "aws_eip.natgw.0": {
                    "type": "aws_eip",
                    "depends_on": [],
                    "primary": {
                        "id": "eipalloc-ebf29f8f",
                        "attributes": {
                            "association_id": "eipassoc-1b624c7d",
                            "domain": "vpc",
                            "id": "eipalloc-ebf29f8f",
                            "instance": "",
                            "network_interface": "eni-2d199d60",
                            "private_ip": "10.123.51.6",
                            "public_ip": "52.37.150.238",
                            "vpc": "true"
                        },
                        "meta": {},
                        "tainted": false
                    },
                    "deposed": [],
                    "provider": ""
                },
                "aws_eip.natgw.1": {
                    "type": "aws_eip",
                    "depends_on": [],
                    "primary": {
                        "id": "eipalloc-16f46c2c",
                        "attributes": {
                            "association_id": "",
                            "domain": "vpc",
                            "id": "eipalloc-16f46c2c",
                            "instance": "",
                            "network_interface": "",
                            "private_ip": "",
                            "public_ip": "34.210.20.140",
                            "vpc": "true"
                        },
                        "meta": {},
                        "tainted": false
                    },
                    "deposed": [],
                    "provider": ""
                },
                "aws_eip.natgw.2": {
                    "type": "aws_eip",
                    "depends_on": [],
                    "primary": {
                        "id": "eipalloc-59f36b63",
                        "attributes": {
                            "association_id": "",
                            "domain": "vpc",
                            "id": "eipalloc-59f36b63",
                            "instance": "",
                            "network_interface": "",
                            "private_ip": "",
                            "public_ip": "54.69.61.75",
                            "vpc": "true"
                        },
                        "meta": {},
                        "tainted": false
                    },
                    "deposed": [],
                    "provider": ""
                },
                "aws_internet_gateway.igw": {
                    "type": "aws_internet_gateway",
                    "depends_on": [
                        "aws_vpc.main"
                    ],
                    "primary": {
                        "id": "igw-edc1c588",
                        "attributes": {
                            "id": "igw-edc1c588",
                            "tags.%": "5",
                            "tags.Name": "integ-igw",
                            "tags.account_name": "jive-data-pipeline",
                            "tags.pipeline_phase": "integ",
                            "tags.region": "us-west-2",
                            "tags.sla": "non-prod",
                            "vpc_id": "vpc-5e92383a"
                        },
                        "meta": {},
                        "tainted": false
                    },
                    "deposed": [],
                    "provider": ""
                },
                "aws_nat_gateway.natgw.0": {
                    "type": "aws_nat_gateway",
                    "depends_on": [
                        "aws_eip.natgw.*",
                        "aws_internet_gateway.igw",
                        "aws_subnet.public.*"
                    ],
                    "primary": {
                        "id": "nat-0a5611914af615c06",
                        "attributes": {
                            "allocation_id": "eipalloc-ebf29f8f",
                            "id": "nat-0a5611914af615c06",
                            "network_interface_id": "eni-8d2b1ab7",
                            "private_ip": "10.123.51.26",
                            "public_ip": "52.37.150.238",
                            "subnet_id": "subnet-b6e823c0"
                        },
                        "meta": {},
                        "tainted": false
                    },
                    "deposed": [],
                    "provider": ""
                },
                "aws_nat_gateway.natgw.1": {
                    "type": "aws_nat_gateway",
                    "depends_on": [
                        "aws_eip.natgw.*",
                        "aws_internet_gateway.igw",
                        "aws_subnet.public.*"
                    ],
                    "primary": {
                        "id": "nat-0f78ec40ee499b5d2",
                        "attributes": {
                            "allocation_id": "eipalloc-16f46c2c",
                            "id": "nat-0f78ec40ee499b5d2",
                            "network_interface_id": "eni-7f6c7d57",
                            "private_ip": "10.123.51.47",
                            "public_ip": "34.210.20.140",
                            "subnet_id": "subnet-5a42f43e"
                        },
                        "meta": {},
                        "tainted": false
                    },
                    "deposed": [],
                    "provider": ""
                },
                "aws_nat_gateway.natgw.2": {
                    "type": "aws_nat_gateway",
                    "depends_on": [
                        "aws_eip.natgw.*",
                        "aws_internet_gateway.igw",
                        "aws_subnet.public.*"
                    ],
                    "primary": {
                        "id": "nat-0029b2c58c32e4f31",
                        "attributes": {
                            "allocation_id": "eipalloc-59f36b63",
                            "id": "nat-0029b2c58c32e4f31",
                            "network_interface_id": "eni-3a94d036",
                            "private_ip": "10.123.51.78",
                            "public_ip": "54.69.61.75",
                            "subnet_id": "subnet-e3e5feba"
                        },
                        "meta": {},
                        "tainted": false
                    },
                    "deposed": [],
                    "provider": ""
                },
                "aws_route.bastion_natdc.0": {
                    "type": "aws_route",
                    "depends_on": [
                        "aws_route_table.natdc.*",
                        "aws_vpc_peering_connection.infra"
                    ],
                    "primary": {
                        "id": "r-rtb-f1c25f953727631881",
                        "attributes": {
                            "destination_cidr_block": "10.127.21.7/32",
                            "destination_prefix_list_id": "",
                            "egress_only_gateway_id": "",
                            "gateway_id": "",
                            "id": "r-rtb-f1c25f953727631881",
                            "instance_id": "",
                            "instance_owner_id": "",
                            "nat_gateway_id": "",
                            "network_interface_id": "",
                            "origin": "CreateRoute",
                            "route_table_id": "rtb-f1c25f95",
                            "state": "active",
                            "vpc_peering_connection_id": "pcx-86ad07ef"
                        },
                        "meta": {},
                        "tainted": false
                    },
                    "deposed": [],
                    "provider": ""
                },
                "aws_route.bastion_natdc.1": {
                    "type": "aws_route",
                    "depends_on": [
                        "aws_route_table.natdc.*",
                        "aws_vpc_peering_connection.infra"
                    ],
                    "primary": {
                        "id": "r-rtb-bb25fadd3727631881",
                        "attributes": {
                            "destination_cidr_block": "10.127.21.7/32",
                            "destination_prefix_list_id": "",
                            "egress_only_gateway_id": "",
                            "gateway_id": "",
                            "id": "r-rtb-bb25fadd3727631881",
                            "instance_id": "",
                            "instance_owner_id": "",
                            "nat_gateway_id": "",
                            "network_interface_id": "",
                            "origin": "CreateRoute",
                            "route_table_id": "rtb-bb25fadd",
                            "state": "active",
                            "vpc_peering_connection_id": "pcx-86ad07ef"
                        },
                        "meta": {},
                        "tainted": false
                    },
                    "deposed": [],
                    "provider": ""
                },
                "aws_route.bastion_natdc.2": {
                    "type": "aws_route",
                    "depends_on": [
                        "aws_route_table.natdc.*",
                        "aws_vpc_peering_connection.infra"
                    ],
                    "primary": {
                        "id": "r-rtb-8022fde63727631881",
                        "attributes": {
                            "destination_cidr_block": "10.127.21.7/32",
                            "destination_prefix_list_id": "",
                            "egress_only_gateway_id": "",
                            "gateway_id": "",
                            "id": "r-rtb-8022fde63727631881",
                            "instance_id": "",
                            "instance_owner_id": "",
                            "nat_gateway_id": "",
                            "network_interface_id": "",
                            "origin": "CreateRoute",
                            "route_table_id": "rtb-8022fde6",
                            "state": "active",
                            "vpc_peering_connection_id": "pcx-86ad07ef"
                        },
                        "meta": {},
                        "tainted": false
                    },
                    "deposed": [],
                    "provider": ""
                },
                "aws_route.bastion_private": {
                    "type": "aws_route",
                    "depends_on": [
                        "aws_route_table.private",
                        "aws_vpc_peering_connection.infra"
                    ],
                    "primary": {
                        "id": "r-rtb-3ac25f5e3727631881",
                        "attributes": {
                            "destination_cidr_block": "10.127.21.7/32",
                            "destination_prefix_list_id": "",
                            "egress_only_gateway_id": "",
                            "gateway_id": "",
                            "id": "r-rtb-3ac25f5e3727631881",
                            "instance_id": "",
                            "instance_owner_id": "",
                            "nat_gateway_id": "",
                            "network_interface_id": "",
                            "origin": "CreateRoute",
                            "route_table_id": "rtb-3ac25f5e",
                            "state": "active",
                            "vpc_peering_connection_id": "pcx-86ad07ef"
                        },
                        "meta": {},
                        "tainted": false
                    },
                    "deposed": [],
                    "provider": ""
                },
                "aws_route.bastion_public": {
                    "type": "aws_route",
                    "depends_on": [
                        "aws_route_table.public",
                        "aws_vpc_peering_connection.infra"
                    ],
                    "primary": {
                        "id": "r-rtb-3bc25f5f3727631881",
                        "attributes": {
                            "destination_cidr_block": "10.127.21.7/32",
                            "destination_prefix_list_id": "",
                            "egress_only_gateway_id": "",
                            "gateway_id": "",
                            "id": "r-rtb-3bc25f5f3727631881",
                            "instance_id": "",
                            "instance_owner_id": "",
                            "nat_gateway_id": "",
                            "network_interface_id": "",
                            "origin": "CreateRoute",
                            "route_table_id": "rtb-3bc25f5f",
                            "state": "active",
                            "vpc_peering_connection_id": "pcx-86ad07ef"
                        },
                        "meta": {},
                        "tainted": false
                    },
                    "deposed": [],
                    "provider": ""
                },
                "aws_route.infra_natdc.0": {
                    "type": "aws_route",
                    "depends_on": [
                        "aws_vpc_peering_connection.infra"
                    ],
                    "primary": {
                        "id": "r-rtb-e130bc851137711631",
                        "attributes": {
                            "destination_cidr_block": "10.123.48.0/22",
                            "destination_prefix_list_id": "",
                            "egress_only_gateway_id": "",
                            "gateway_id": "",
                            "id": "r-rtb-e130bc851137711631",
                            "instance_id": "",
                            "instance_owner_id": "",
                            "nat_gateway_id": "",
                            "network_interface_id": "",
                            "origin": "CreateRoute",
                            "route_table_id": "rtb-e130bc85",
                            "state": "active",
                            "vpc_peering_connection_id": "pcx-86ad07ef"
                        },
                        "meta": {},
                        "tainted": false
                    },
                    "deposed": [],
                    "provider": ""
                },
                "aws_route.infra_natdc.1": {
                    "type": "aws_route",
                    "depends_on": [
                        "aws_vpc_peering_connection.infra"
                    ],
                    "primary": {
                        "id": "r-rtb-6a25fa0c1137711631",
                        "attributes": {
                            "destination_cidr_block": "10.123.48.0/22",
                            "destination_prefix_list_id": "",
                            "egress_only_gateway_id": "",
                            "gateway_id": "",
                            "id": "r-rtb-6a25fa0c1137711631",
                            "instance_id": "",
                            "instance_owner_id": "",
                            "nat_gateway_id": "",
                            "network_interface_id": "",
                            "origin": "CreateRoute",
                            "route_table_id": "rtb-6a25fa0c",
                            "state": "active",
                            "vpc_peering_connection_id": "pcx-86ad07ef"
                        },
                        "meta": {},
                        "tainted": false
                    },
                    "deposed": [],
                    "provider": ""
                },
                "aws_route.infra_natdc.2": {
                    "type": "aws_route",
                    "depends_on": [
                        "aws_vpc_peering_connection.infra"
                    ],
                    "primary": {
                        "id": "r-rtb-5321fe351137711631",
                        "attributes": {
                            "destination_cidr_block": "10.123.48.0/22",
                            "destination_prefix_list_id": "",
                            "egress_only_gateway_id": "",
                            "gateway_id": "",
                            "id": "r-rtb-5321fe351137711631",
                            "instance_id": "",
                            "instance_owner_id": "",
                            "nat_gateway_id": "",
                            "network_interface_id": "",
                            "origin": "CreateRoute",
                            "route_table_id": "rtb-5321fe35",
                            "state": "active",
                            "vpc_peering_connection_id": "pcx-86ad07ef"
                        },
                        "meta": {},
                        "tainted": false
                    },
                    "deposed": [],
                    "provider": ""
                },
                "aws_route.infra_private": {
                    "type": "aws_route",
                    "depends_on": [
                        "aws_vpc_peering_connection.infra"
                    ],
                    "primary": {
                        "id": "r-rtb-58e66a3c1137711631",
                        "attributes": {
                            "destination_cidr_block": "10.123.48.0/22",
                            "destination_prefix_list_id": "",
                            "egress_only_gateway_id": "",
                            "gateway_id": "",
                            "id": "r-rtb-58e66a3c1137711631",
                            "instance_id": "",
                            "instance_owner_id": "",
                            "nat_gateway_id": "",
                            "network_interface_id": "",
                            "origin": "CreateRoute",
                            "route_table_id": "rtb-58e66a3c",
                            "state": "active",
                            "vpc_peering_connection_id": "pcx-86ad07ef"
                        },
                        "meta": {},
                        "tainted": false
                    },
                    "deposed": [],
                    "provider": ""
                },
                "aws_route.infra_public": {
                    "type": "aws_route",
                    "depends_on": [
                        "aws_vpc_peering_connection.infra"
                    ],
                    "primary": {
                        "id": "r-rtb-5ae66a3e1137711631",
                        "attributes": {
                            "destination_cidr_block": "10.123.48.0/22",
                            "destination_prefix_list_id": "",
                            "egress_only_gateway_id": "",
                            "gateway_id": "",
                            "id": "r-rtb-5ae66a3e1137711631",
                            "instance_id": "",
                            "instance_owner_id": "",
                            "nat_gateway_id": "",
                            "network_interface_id": "",
                            "origin": "CreateRoute",
                            "route_table_id": "rtb-5ae66a3e",
                            "state": "active",
                            "vpc_peering_connection_id": "pcx-86ad07ef"
                        },
                        "meta": {},
                        "tainted": false
                    },
                    "deposed": [],
                    "provider": ""
                },
                "aws_route.microservices_jcx_natdc.0": {
                    "type": "aws_route",
                    "depends_on": [
                        "aws_route_table.natdc.*"
                    ],
                    "primary": {
                        "id": "r-rtb-f1c25f951526251058",
                        "attributes": {
                            "destination_cidr_block": "10.122.64.0/20",
                            "destination_prefix_list_id": "",
                            "egress_only_gateway_id": "",
                            "gateway_id": "",
                            "id": "r-rtb-f1c25f951526251058",
                            "instance_id": "",
                            "instance_owner_id": "",
                            "nat_gateway_id": "",
                            "network_interface_id": "",
                            "origin": "CreateRoute",
                            "route_table_id": "rtb-f1c25f95",
                            "state": "active",
                            "vpc_peering_connection_id": "pcx-d5fe40bc"
                        },
                        "meta": {},
                        "tainted": false
                    },
                    "deposed": [],
                    "provider": ""
                },
                "aws_route.microservices_jcx_natdc.1": {
                    "type": "aws_route",
                    "depends_on": [
                        "aws_route_table.natdc.*"
                    ],
                    "primary": {
                        "id": "r-rtb-bb25fadd1526251058",
                        "attributes": {
                            "destination_cidr_block": "10.122.64.0/20",
                            "destination_prefix_list_id": "",
                            "egress_only_gateway_id": "",
                            "gateway_id": "",
                            "id": "r-rtb-bb25fadd1526251058",
                            "instance_id": "",
                            "instance_owner_id": "",
                            "nat_gateway_id": "",
                            "network_interface_id": "",
                            "origin": "CreateRoute",
                            "route_table_id": "rtb-bb25fadd",
                            "state": "active",
                            "vpc_peering_connection_id": "pcx-d5fe40bc"
                        },
                        "meta": {},
                        "tainted": false
                    },
                    "deposed": [],
                    "provider": ""
                },
                "aws_route.microservices_jcx_natdc.2": {
                    "type": "aws_route",
                    "depends_on": [
                        "aws_route_table.natdc.*"
                    ],
                    "primary": {
                        "id": "r-rtb-8022fde61526251058",
                        "attributes": {
                            "destination_cidr_block": "10.122.64.0/20",
                            "destination_prefix_list_id": "",
                            "egress_only_gateway_id": "",
                            "gateway_id": "",
                            "id": "r-rtb-8022fde61526251058",
                            "instance_id": "",
                            "instance_owner_id": "",
                            "nat_gateway_id": "",
                            "network_interface_id": "",
                            "origin": "CreateRoute",
                            "route_table_id": "rtb-8022fde6",
                            "state": "active",
                            "vpc_peering_connection_id": "pcx-d5fe40bc"
                        },
                        "meta": {},
                        "tainted": false
                    },
                    "deposed": [],
                    "provider": ""
                },
                "aws_route.microservices_jcx_private": {
                    "type": "aws_route",
                    "depends_on": [
                        "aws_route_table.private"
                    ],
                    "primary": {
                        "id": "r-rtb-3ac25f5e1526251058",
                        "attributes": {
                            "destination_cidr_block": "10.122.64.0/20",
                            "destination_prefix_list_id": "",
                            "egress_only_gateway_id": "",
                            "gateway_id": "",
                            "id": "r-rtb-3ac25f5e1526251058",
                            "instance_id": "",
                            "instance_owner_id": "",
                            "nat_gateway_id": "",
                            "network_interface_id": "",
                            "origin": "CreateRoute",
                            "route_table_id": "rtb-3ac25f5e",
                            "state": "active",
                            "vpc_peering_connection_id": "pcx-d5fe40bc"
                        },
                        "meta": {},
                        "tainted": false
                    },
                    "deposed": [],
                    "provider": ""
                },
                "aws_route.microservices_jcx_public": {
                    "type": "aws_route",
                    "depends_on": [
                        "aws_route_table.public"
                    ],
                    "primary": {
                        "id": "r-rtb-3bc25f5f1526251058",
                        "attributes": {
                            "destination_cidr_block": "10.122.64.0/20",
                            "destination_prefix_list_id": "",
                            "egress_only_gateway_id": "",
                            "gateway_id": "",
                            "id": "r-rtb-3bc25f5f1526251058",
                            "instance_id": "",
                            "instance_owner_id": "",
                            "nat_gateway_id": "",
                            "network_interface_id": "",
                            "origin": "CreateRoute",
                            "route_table_id": "rtb-3bc25f5f",
                            "state": "active",
                            "vpc_peering_connection_id": "pcx-d5fe40bc"
                        },
                        "meta": {},
                        "tainted": false
                    },
                    "deposed": [],
                    "provider": ""
                },
                "aws_route.microservices_natdc.0": {
                    "type": "aws_route",
                    "depends_on": [
                        "aws_route_table.natdc.*"
                    ],
                    "primary": {
                        "id": "r-rtb-f1c25f952125723008",
                        "attributes": {
                            "destination_cidr_block": "10.124.0.0/20",
                            "destination_prefix_list_id": "",
                            "egress_only_gateway_id": "",
                            "gateway_id": "",
                            "id": "r-rtb-f1c25f952125723008",
                            "instance_id": "",
                            "instance_owner_id": "",
                            "nat_gateway_id": "",
                            "network_interface_id": "",
                            "origin": "CreateRoute",
                            "route_table_id": "rtb-f1c25f95",
                            "state": "active",
                            "vpc_peering_connection_id": "pcx-3299285b"
                        },
                        "meta": {},
                        "tainted": false
                    },
                    "deposed": [],
                    "provider": ""
                },
                "aws_route.microservices_natdc.1": {
                    "type": "aws_route",
                    "depends_on": [
                        "aws_route_table.natdc.*"
                    ],
                    "primary": {
                        "id": "r-rtb-bb25fadd2125723008",
                        "attributes": {
                            "destination_cidr_block": "10.124.0.0/20",
                            "destination_prefix_list_id": "",
                            "egress_only_gateway_id": "",
                            "gateway_id": "",
                            "id": "r-rtb-bb25fadd2125723008",
                            "instance_id": "",
                            "instance_owner_id": "",
                            "nat_gateway_id": "",
                            "network_interface_id": "",
                            "origin": "CreateRoute",
                            "route_table_id": "rtb-bb25fadd",
                            "state": "active",
                            "vpc_peering_connection_id": "pcx-3299285b"
                        },
                        "meta": {},
                        "tainted": false
                    },
                    "deposed": [],
                    "provider": ""
                },
                "aws_route.microservices_natdc.2": {
                    "type": "aws_route",
                    "depends_on": [
                        "aws_route_table.natdc.*"
                    ],
                    "primary": {
                        "id": "r-rtb-8022fde62125723008",
                        "attributes": {
                            "destination_cidr_block": "10.124.0.0/20",
                            "destination_prefix_list_id": "",
                            "egress_only_gateway_id": "",
                            "gateway_id": "",
                            "id": "r-rtb-8022fde62125723008",
                            "instance_id": "",
                            "instance_owner_id": "",
                            "nat_gateway_id": "",
                            "network_interface_id": "",
                            "origin": "CreateRoute",
                            "route_table_id": "rtb-8022fde6",
                            "state": "active",
                            "vpc_peering_connection_id": "pcx-3299285b"
                        },
                        "meta": {},
                        "tainted": false
                    },
                    "deposed": [],
                    "provider": ""
                },
                "aws_route.microservices_private": {
                    "type": "aws_route",
                    "depends_on": [
                        "aws_route_table.private"
                    ],
                    "primary": {
                        "id": "r-rtb-3ac25f5e2125723008",
                        "attributes": {
                            "destination_cidr_block": "10.124.0.0/20",
                            "destination_prefix_list_id": "",
                            "egress_only_gateway_id": "",
                            "gateway_id": "",
                            "id": "r-rtb-3ac25f5e2125723008",
                            "instance_id": "",
                            "instance_owner_id": "",
                            "nat_gateway_id": "",
                            "network_interface_id": "",
                            "origin": "CreateRoute",
                            "route_table_id": "rtb-3ac25f5e",
                            "state": "active",
                            "vpc_peering_connection_id": "pcx-3299285b"
                        },
                        "meta": {},
                        "tainted": false
                    },
                    "deposed": [],
                    "provider": ""
                },
                "aws_route.microservices_public": {
                    "type": "aws_route",
                    "depends_on": [
                        "aws_route_table.public"
                    ],
                    "primary": {
                        "id": "r-rtb-3bc25f5f2125723008",
                        "attributes": {
                            "destination_cidr_block": "10.124.0.0/20",
                            "destination_prefix_list_id": "",
                            "egress_only_gateway_id": "",
                            "gateway_id": "",
                            "id": "r-rtb-3bc25f5f2125723008",
                            "instance_id": "",
                            "instance_owner_id": "",
                            "nat_gateway_id": "",
                            "network_interface_id": "",
                            "origin": "CreateRoute",
                            "route_table_id": "rtb-3bc25f5f",
                            "state": "active",
                            "vpc_peering_connection_id": "pcx-3299285b"
                        },
                        "meta": {},
                        "tainted": false
                    },
                    "deposed": [],
                    "provider": ""
                },
                "aws_route53_zone_association.route53": {
                    "type": "aws_route53_zone_association",
                    "depends_on": [
                        "aws_vpc.main"
                    ],
                    "primary": {
                        "id": "Z3AIHK7L8DPDVB:vpc-5e92383a",
                        "attributes": {
                            "id": "Z3AIHK7L8DPDVB:vpc-5e92383a",
                            "vpc_id": "vpc-5e92383a",
                            "vpc_region": "us-west-2",
                            "zone_id": "Z3AIHK7L8DPDVB"
                        },
                        "meta": {},
                        "tainted": false
                    },
                    "deposed": [],
                    "provider": ""
                },
                "aws_route_table.natdc.0": {
                    "type": "aws_route_table",
                    "depends_on": [
                        "aws_nat_gateway.natgw",
                        "aws_vpc.main",
                        "aws_vpn_gateway.vgw"
                    ],
                    "primary": {
                        "id": "rtb-f1c25f95",
                        "attributes": {
                            "id": "rtb-f1c25f95",
                            "propagating_vgws.#": "1",
                            "propagating_vgws.3317849794": "vgw-25a37a3b",
                            "route.#": "4",
                            "route.1313491469.cidr_block": "10.122.64.0/20",
                            "route.1313491469.egress_only_gateway_id": "",
                            "route.1313491469.gateway_id": "",
                            "route.1313491469.instance_id": "",
                            "route.1313491469.ipv6_cidr_block": "",
                            "route.1313491469.nat_gateway_id": "",
                            "route.1313491469.network_interface_id": "",
                            "route.1313491469.vpc_peering_connection_id": "pcx-d5fe40bc",
                            "route.2594004489.cidr_block": "10.127.21.7/32",
                            "route.2594004489.egress_only_gateway_id": "",
                            "route.2594004489.gateway_id": "",
                            "route.2594004489.instance_id": "",
                            "route.2594004489.ipv6_cidr_block": "",
                            "route.2594004489.nat_gateway_id": "",
                            "route.2594004489.network_interface_id": "",
                            "route.2594004489.vpc_peering_connection_id": "pcx-86ad07ef",
                            "route.2896115732.cidr_block": "10.124.0.0/20",
                            "route.2896115732.egress_only_gateway_id": "",
                            "route.2896115732.gateway_id": "",
                            "route.2896115732.instance_id": "",
                            "route.2896115732.ipv6_cidr_block": "",
                            "route.2896115732.nat_gateway_id": "",
                            "route.2896115732.network_interface_id": "",
                            "route.2896115732.vpc_peering_connection_id": "pcx-3299285b",
                            "route.934410518.cidr_block": "0.0.0.0/0",
                            "route.934410518.egress_only_gateway_id": "",
                            "route.934410518.gateway_id": "",
                            "route.934410518.instance_id": "",
                            "route.934410518.ipv6_cidr_block": "",
                            "route.934410518.nat_gateway_id": "nat-09e4d0edd3d557f7d",
                            "route.934410518.network_interface_id": "",
                            "route.934410518.vpc_peering_connection_id": "",
                            "tags.%": "5",
                            "tags.Name": "integ-natdc-routetable",
                            "tags.account_name": "jive-data-pipeline",
                            "tags.pipeline_phase": "integ",
                            "tags.region": "us-west-2",
                            "tags.sla": "non-prod",
                            "vpc_id": "vpc-5e92383a"
                        },
                        "meta": {},
                        "tainted": false
                    },
                    "deposed": [],
                    "provider": ""
                },
                "aws_route_table.natdc.1": {
                    "type": "aws_route_table",
                    "depends_on": [
                        "aws_nat_gateway.natgw.*",
                        "aws_vpc.main",
                        "aws_vpn_gateway.vgw"
                    ],
                    "primary": {
                        "id": "rtb-bb25fadd",
                        "attributes": {
                            "id": "rtb-bb25fadd",
                            "propagating_vgws.#": "1",
                            "propagating_vgws.3317849794": "vgw-25a37a3b",
                            "route.#": "1",
                            "route.87989681.cidr_block": "0.0.0.0/0",
                            "route.87989681.egress_only_gateway_id": "",
                            "route.87989681.gateway_id": "",
                            "route.87989681.instance_id": "",
                            "route.87989681.ipv6_cidr_block": "",
                            "route.87989681.nat_gateway_id": "nat-0f78ec40ee499b5d2",
                            "route.87989681.network_interface_id": "",
                            "route.87989681.vpc_peering_connection_id": "",
                            "tags.%": "5",
                            "tags.Name": "integ-natdc-routetable",
                            "tags.account_name": "jive-data-pipeline",
                            "tags.pipeline_phase": "integ",
                            "tags.region": "us-west-2",
                            "tags.sla": "non-prod",
                            "vpc_id": "vpc-5e92383a"
                        },
                        "meta": {},
                        "tainted": false
                    },
                    "deposed": [],
                    "provider": ""
                },
                "aws_route_table.natdc.2": {
                    "type": "aws_route_table",
                    "depends_on": [
                        "aws_nat_gateway.natgw.*",
                        "aws_vpc.main",
                        "aws_vpn_gateway.vgw"
                    ],
                    "primary": {
                        "id": "rtb-8022fde6",
                        "attributes": {
                            "id": "rtb-8022fde6",
                            "propagating_vgws.#": "1",
                            "propagating_vgws.3317849794": "vgw-25a37a3b",
                            "route.#": "1",
                            "route.1249777320.cidr_block": "0.0.0.0/0",
                            "route.1249777320.egress_only_gateway_id": "",
                            "route.1249777320.gateway_id": "",
                            "route.1249777320.instance_id": "",
                            "route.1249777320.ipv6_cidr_block": "",
                            "route.1249777320.nat_gateway_id": "nat-0029b2c58c32e4f31",
                            "route.1249777320.network_interface_id": "",
                            "route.1249777320.vpc_peering_connection_id": "",
                            "tags.%": "5",
                            "tags.Name": "integ-natdc-routetable",
                            "tags.account_name": "jive-data-pipeline",
                            "tags.pipeline_phase": "integ",
                            "tags.region": "us-west-2",
                            "tags.sla": "non-prod",
                            "vpc_id": "vpc-5e92383a"
                        },
                        "meta": {},
                        "tainted": false
                    },
                    "deposed": [],
                    "provider": ""
                },
                "aws_route_table.private": {
                    "type": "aws_route_table",
                    "depends_on": [
                        "aws_vpc.main"
                    ],
                    "primary": {
                        "id": "rtb-3ac25f5e",
                        "attributes": {
                            "id": "rtb-3ac25f5e",
                            "propagating_vgws.#": "0",
                            "route.#": "3",
                            "route.1313491469.cidr_block": "10.122.64.0/20",
                            "route.1313491469.egress_only_gateway_id": "",
                            "route.1313491469.gateway_id": "",
                            "route.1313491469.instance_id": "",
                            "route.1313491469.ipv6_cidr_block": "",
                            "route.1313491469.nat_gateway_id": "",
                            "route.1313491469.network_interface_id": "",
                            "route.1313491469.vpc_peering_connection_id": "pcx-d5fe40bc",
                            "route.2594004489.cidr_block": "10.127.21.7/32",
                            "route.2594004489.egress_only_gateway_id": "",
                            "route.2594004489.gateway_id": "",
                            "route.2594004489.instance_id": "",
                            "route.2594004489.ipv6_cidr_block": "",
                            "route.2594004489.nat_gateway_id": "",
                            "route.2594004489.network_interface_id": "",
                            "route.2594004489.vpc_peering_connection_id": "pcx-86ad07ef",
                            "route.2896115732.cidr_block": "10.124.0.0/20",
                            "route.2896115732.egress_only_gateway_id": "",
                            "route.2896115732.gateway_id": "",
                            "route.2896115732.instance_id": "",
                            "route.2896115732.ipv6_cidr_block": "",
                            "route.2896115732.nat_gateway_id": "",
                            "route.2896115732.network_interface_id": "",
                            "route.2896115732.vpc_peering_connection_id": "pcx-3299285b",
                            "tags.%": "5",
                            "tags.Name": "integ-private-routetable",
                            "tags.account_name": "jive-data-pipeline",
                            "tags.pipeline_phase": "integ",
                            "tags.region": "us-west-2",
                            "tags.sla": "non-prod",
                            "vpc_id": "vpc-5e92383a"
                        },
                        "meta": {},
                        "tainted": false
                    },
                    "deposed": [],
                    "provider": ""
                },
                "aws_route_table.public": {
                    "type": "aws_route_table",
                    "depends_on": [
                        "aws_internet_gateway.igw",
                        "aws_vpc.main"
                    ],
                    "primary": {
                        "id": "rtb-3bc25f5f",
                        "attributes": {
                            "id": "rtb-3bc25f5f",
                            "propagating_vgws.#": "0",
                            "route.#": "4",
                            "route.1313491469.cidr_block": "10.122.64.0/20",
                            "route.1313491469.egress_only_gateway_id": "",
                            "route.1313491469.gateway_id": "",
                            "route.1313491469.instance_id": "",
                            "route.1313491469.ipv6_cidr_block": "",
                            "route.1313491469.nat_gateway_id": "",
                            "route.1313491469.network_interface_id": "",
                            "route.1313491469.vpc_peering_connection_id": "pcx-d5fe40bc",
                            "route.2044708465.cidr_block": "0.0.0.0/0",
                            "route.2044708465.egress_only_gateway_id": "",
                            "route.2044708465.gateway_id": "igw-edc1c588",
                            "route.2044708465.instance_id": "",
                            "route.2044708465.ipv6_cidr_block": "",
                            "route.2044708465.nat_gateway_id": "",
                            "route.2044708465.network_interface_id": "",
                            "route.2044708465.vpc_peering_connection_id": "",
                            "route.2594004489.cidr_block": "10.127.21.7/32",
                            "route.2594004489.egress_only_gateway_id": "",
                            "route.2594004489.gateway_id": "",
                            "route.2594004489.instance_id": "",
                            "route.2594004489.ipv6_cidr_block": "",
                            "route.2594004489.nat_gateway_id": "",
                            "route.2594004489.network_interface_id": "",
                            "route.2594004489.vpc_peering_connection_id": "pcx-86ad07ef",
                            "route.2896115732.cidr_block": "10.124.0.0/20",
                            "route.2896115732.egress_only_gateway_id": "",
                            "route.2896115732.gateway_id": "",
                            "route.2896115732.instance_id": "",
                            "route.2896115732.ipv6_cidr_block": "",
                            "route.2896115732.nat_gateway_id": "",
                            "route.2896115732.network_interface_id": "",
                            "route.2896115732.vpc_peering_connection_id": "pcx-3299285b",
                            "tags.%": "6",
                            "tags.KubernetesCluster": "us-west-2_jive-data-pipeline",
                            "tags.Name": "integ-public-routetable",
                            "tags.account_name": "jive-data-pipeline",
                            "tags.pipeline_phase": "integ",
                            "tags.region": "us-west-2",
                            "tags.sla": "non-prod",
                            "vpc_id": "vpc-5e92383a"
                        },
                        "meta": {},
                        "tainted": false
                    },
                    "deposed": [],
                    "provider": ""
                },
                "aws_route_table_association.natdc.0": {
                    "type": "aws_route_table_association",
                    "depends_on": [
                        "aws_route_table.natdc.*",
                        "aws_subnet.natdc.*"
                    ],
                    "primary": {
                        "id": "rtbassoc-ef74bf96",
                        "attributes": {
                            "id": "rtbassoc-ef74bf96",
                            "route_table_id": "rtb-f1c25f95",
                            "subnet_id": "subnet-cde823bb"
                        },
                        "meta": {},
                        "tainted": false
                    },
                    "deposed": [],
                    "provider": ""
                },
                "aws_route_table_association.natdc.1": {
                    "type": "aws_route_table_association",
                    "depends_on": [
                        "aws_route_table.natdc.*",
                        "aws_subnet.natdc.*"
                    ],
                    "primary": {
                        "id": "rtbassoc-bc70bbc5",
                        "attributes": {
                            "id": "rtbassoc-bc70bbc5",
                            "route_table_id": "rtb-bb25fadd",
                            "subnet_id": "subnet-5d42f439"
                        },
                        "meta": {},
                        "tainted": false
                    },
                    "deposed": [],
                    "provider": ""
                },
                "aws_route_table_association.natdc.2": {
                    "type": "aws_route_table_association",
                    "depends_on": [
                        "aws_route_table.natdc.*",
                        "aws_subnet.natdc.*"
                    ],
                    "primary": {
                        "id": "rtbassoc-8872b9f1",
                        "attributes": {
                            "id": "rtbassoc-8872b9f1",
                            "route_table_id": "rtb-8022fde6",
                            "subnet_id": "subnet-ece5feb5"
                        },
                        "meta": {},
                        "tainted": false
                    },
                    "deposed": [],
                    "provider": ""
                },
                "aws_route_table_association.private.0": {
                    "type": "aws_route_table_association",
                    "depends_on": [
                        "aws_route_table.private",
                        "aws_subnet.private"
                    ],
                    "primary": {
                        "id": "rtbassoc-bd5254d9",
                        "attributes": {
                            "id": "rtbassoc-bd5254d9",
                            "route_table_id": "rtb-3ac25f5e",
                            "subnet_id": "subnet-b7e823c1"
                        },
                        "meta": {},
                        "tainted": false
                    },
                    "deposed": [],
                    "provider": ""
                },
                "aws_route_table_association.private.1": {
                    "type": "aws_route_table_association",
                    "depends_on": [
                        "aws_route_table.private",
                        "aws_subnet.private"
                    ],
                    "primary": {
                        "id": "rtbassoc-be5254da",
                        "attributes": {
                            "id": "rtbassoc-be5254da",
                            "route_table_id": "rtb-3ac25f5e",
                            "subnet_id": "subnet-5c42f438"
                        },
                        "meta": {},
                        "tainted": false
                    },
                    "deposed": [],
                    "provider": ""
                },
                "aws_route_table_association.private.2": {
                    "type": "aws_route_table_association",
                    "depends_on": [
                        "aws_route_table.private",
                        "aws_subnet.private"
                    ],
                    "primary": {
                        "id": "rtbassoc-bf5254db",
                        "attributes": {
                            "id": "rtbassoc-bf5254db",
                            "route_table_id": "rtb-3ac25f5e",
                            "subnet_id": "subnet-efe5feb6"
                        },
                        "meta": {},
                        "tainted": false
                    },
                    "deposed": [],
                    "provider": ""
                },
                "aws_route_table_association.public.0": {
                    "type": "aws_route_table_association",
                    "depends_on": [
                        "aws_route_table.public",
                        "aws_subnet.public"
                    ],
                    "primary": {
                        "id": "rtbassoc-b95254dd",
                        "attributes": {
                            "id": "rtbassoc-b95254dd",
                            "route_table_id": "rtb-3bc25f5f",
                            "subnet_id": "subnet-b6e823c0"
                        },
                        "meta": {},
                        "tainted": false
                    },
                    "deposed": [],
                    "provider": ""
                },
                "aws_route_table_association.public.1": {
                    "type": "aws_route_table_association",
                    "depends_on": [
                        "aws_route_table.public",
                        "aws_subnet.public"
                    ],
                    "primary": {
                        "id": "rtbassoc-ba5254de",
                        "attributes": {
                            "id": "rtbassoc-ba5254de",
                            "route_table_id": "rtb-3bc25f5f",
                            "subnet_id": "subnet-5a42f43e"
                        },
                        "meta": {},
                        "tainted": false
                    },
                    "deposed": [],
                    "provider": ""
                },
                "aws_route_table_association.public.2": {
                    "type": "aws_route_table_association",
                    "depends_on": [
                        "aws_route_table.public",
                        "aws_subnet.public"
                    ],
                    "primary": {
                        "id": "rtbassoc-b85254dc",
                        "attributes": {
                            "id": "rtbassoc-b85254dc",
                            "route_table_id": "rtb-3bc25f5f",
                            "subnet_id": "subnet-e3e5feba"
                        },
                        "meta": {},
                        "tainted": false
                    },
                    "deposed": [],
                    "provider": ""
                },
                "aws_security_group.admin_instance": {
                    "type": "aws_security_group",
                    "depends_on": [
                        "aws_vpc.main"
                    ],
                    "primary": {
                        "id": "sg-5bc9c13c",
                        "attributes": {
                            "description": "Admin instances for the VPC",
                            "egress.#": "0",
                            "id": "sg-5bc9c13c",
                            "ingress.#": "0",
                            "name": "integ-admin-instance",
                            "owner_id": "999547976641",
                            "tags.%": "5",
                            "tags.Name": "integ-admin-instance",
                            "tags.account_name": "jive-data-pipeline",
                            "tags.pipeline_phase": "integ",
                            "tags.region": "us-west-2",
                            "tags.sla": "non-prod",
                            "vpc_id": "vpc-5e92383a"
                        },
                        "meta": {},
                        "tainted": false
                    },
                    "deposed": [],
                    "provider": ""
                },
                "aws_security_group.env_instance": {
                    "type": "aws_security_group",
                    "depends_on": [
                        "aws_security_group.admin_instance",
                        "aws_vpc.main"
                    ],
                    "primary": {
                        "id": "sg-29c9c14e",
                        "attributes": {
                            "description": "All instances within the evironment",
                            "egress.#": "1",
                            "egress.482069346.cidr_blocks.#": "1",
                            "egress.482069346.cidr_blocks.0": "0.0.0.0/0",
                            "egress.482069346.from_port": "0",
                            "egress.482069346.ipv6_cidr_blocks.#": "0",
                            "egress.482069346.prefix_list_ids.#": "0",
                            "egress.482069346.protocol": "-1",
                            "egress.482069346.security_groups.#": "0",
                            "egress.482069346.self": "false",
                            "egress.482069346.to_port": "0",
                            "id": "sg-29c9c14e",
                            "ingress.#": "4",
                            "ingress.1645919117.cidr_blocks.#": "0",
                            "ingress.1645919117.from_port": "22",
                            "ingress.1645919117.ipv6_cidr_blocks.#": "0",
                            "ingress.1645919117.protocol": "tcp",
                            "ingress.1645919117.security_groups.#": "1",
                            "ingress.1645919117.security_groups.2474498733": "sg-5bc9c13c",
                            "ingress.1645919117.self": "false",
                            "ingress.1645919117.to_port": "22",
                            "ingress.179083333.cidr_blocks.#": "1",
                            "ingress.179083333.cidr_blocks.0": "10.0.0.0/8",
                            "ingress.179083333.from_port": "22",
                            "ingress.179083333.ipv6_cidr_blocks.#": "0",
                            "ingress.179083333.protocol": "tcp",
                            "ingress.179083333.security_groups.#": "0",
                            "ingress.179083333.self": "false",
                            "ingress.179083333.to_port": "22",
                            "ingress.3280021429.cidr_blocks.#": "1",
                            "ingress.3280021429.cidr_blocks.0": "10.0.0.0/8",
                            "ingress.3280021429.from_port": "8",
                            "ingress.3280021429.ipv6_cidr_blocks.#": "0",
                            "ingress.3280021429.protocol": "icmp",
                            "ingress.3280021429.security_groups.#": "0",
                            "ingress.3280021429.self": "false",
                            "ingress.3280021429.to_port": "0",
                            "ingress.3748553774.cidr_blocks.#": "0",
                            "ingress.3748553774.from_port": "8",
                            "ingress.3748553774.ipv6_cidr_blocks.#": "0",
                            "ingress.3748553774.protocol": "icmp",
                            "ingress.3748553774.security_groups.#": "1",
                            "ingress.3748553774.security_groups.2474498733": "sg-5bc9c13c",
                            "ingress.3748553774.self": "false",
                            "ingress.3748553774.to_port": "0",
                            "name": "integ-instance",
                            "owner_id": "999547976641",
                            "tags.%": "5",
                            "tags.Name": "integ-instance",
                            "tags.account_name": "jive-data-pipeline",
                            "tags.pipeline_phase": "integ",
                            "tags.region": "us-west-2",
                            "tags.sla": "non-prod",
                            "vpc_id": "vpc-5e92383a"
                        },
                        "meta": {},
                        "tainted": false
                    },
                    "deposed": [],
                    "provider": ""
                },
                "aws_security_group.natgw_instance": {
                    "type": "aws_security_group",
                    "depends_on": [
                        "aws_security_group.env_instance",
                        "aws_vpc.main"
                    ],
                    "primary": {
                        "id": "sg-118be969",
                        "attributes": {
                            "description": "Members of this SG are allowed to send any type of traffic to the NAT Box.",
                            "egress.#": "0",
                            "id": "sg-118be969",
                            "ingress.#": "1",
                            "ingress.511259153.cidr_blocks.#": "0",
                            "ingress.511259153.from_port": "0",
                            "ingress.511259153.ipv6_cidr_blocks.#": "0",
                            "ingress.511259153.protocol": "-1",
                            "ingress.511259153.security_groups.#": "1",
                            "ingress.511259153.security_groups.508058891": "sg-29c9c14e",
                            "ingress.511259153.self": "false",
                            "ingress.511259153.to_port": "0",
                            "name": "integ-natgw-instance",
                            "owner_id": "999547976641",
                            "tags.%": "5",
                            "tags.Name": "integ-natgw-instance",
                            "tags.account_name": "jive-data-pipeline",
                            "tags.pipeline_phase": "integ",
                            "tags.region": "us-west-2",
                            "tags.sla": "non-prod",
                            "vpc_id": "vpc-5e92383a"
                        },
                        "meta": {},
                        "tainted": false
                    },
                    "deposed": [],
                    "provider": ""
                },
                "aws_subnet.natdc.0": {
                    "type": "aws_subnet",
                    "depends_on": [
                        "aws_vpc.main"
                    ],
                    "primary": {
                        "id": "subnet-cde823bb",
                        "attributes": {
                            "assign_ipv6_address_on_creation": "false",
                            "availability_zone": "us-west-2a",
                            "cidr_block": "10.123.48.0/24",
                            "id": "subnet-cde823bb",
                            "map_public_ip_on_launch": "false",
                            "tags.%": "7",
                            "tags.KubernetesCluster": "us-west-2_jive-data-pipeline",
                            "tags.Name": "integ-natdc-subnet",
                            "tags.account_name": "jive-data-pipeline",
                            "tags.kubernetes.io/role/internal-elb": "us-west-2_jive-data-pipeline",
                            "tags.pipeline_phase": "integ",
                            "tags.region": "us-west-2",
                            "tags.sla": "non-prod",
                            "vpc_id": "vpc-5e92383a"
                        },
                        "meta": {},
                        "tainted": false
                    },
                    "deposed": [],
                    "provider": ""
                },
                "aws_subnet.natdc.1": {
                    "type": "aws_subnet",
                    "depends_on": [
                        "aws_vpc.main"
                    ],
                    "primary": {
                        "id": "subnet-5d42f439",
                        "attributes": {
                            "assign_ipv6_address_on_creation": "false",
                            "availability_zone": "us-west-2b",
                            "cidr_block": "10.123.49.0/24",
                            "id": "subnet-5d42f439",
                            "map_public_ip_on_launch": "false",
                            "tags.%": "7",
                            "tags.KubernetesCluster": "us-west-2_jive-data-pipeline",
                            "tags.Name": "integ-natdc-subnet",
                            "tags.account_name": "jive-data-pipeline",
                            "tags.kubernetes.io/role/internal-elb": "us-west-2_jive-data-pipeline",
                            "tags.pipeline_phase": "integ",
                            "tags.region": "us-west-2",
                            "tags.sla": "non-prod",
                            "vpc_id": "vpc-5e92383a"
                        },
                        "meta": {},
                        "tainted": false
                    },
                    "deposed": [],
                    "provider": ""
                },
                "aws_subnet.natdc.2": {
                    "type": "aws_subnet",
                    "depends_on": [
                        "aws_vpc.main"
                    ],
                    "primary": {
                        "id": "subnet-ece5feb5",
                        "attributes": {
                            "assign_ipv6_address_on_creation": "false",
                            "availability_zone": "us-west-2c",
                            "cidr_block": "10.123.50.0/24",
                            "id": "subnet-ece5feb5",
                            "map_public_ip_on_launch": "false",
                            "tags.%": "7",
                            "tags.KubernetesCluster": "us-west-2_jive-data-pipeline",
                            "tags.Name": "integ-natdc-subnet",
                            "tags.account_name": "jive-data-pipeline",
                            "tags.kubernetes.io/role/internal-elb": "us-west-2_jive-data-pipeline",
                            "tags.pipeline_phase": "integ",
                            "tags.region": "us-west-2",
                            "tags.sla": "non-prod",
                            "vpc_id": "vpc-5e92383a"
                        },
                        "meta": {},
                        "tainted": false
                    },
                    "deposed": [],
                    "provider": ""
                },
                "aws_subnet.private.0": {
                    "type": "aws_subnet",
                    "depends_on": [
                        "aws_vpc.main"
                    ],
                    "primary": {
                        "id": "subnet-b7e823c1",
                        "attributes": {
                            "assign_ipv6_address_on_creation": "false",
                            "availability_zone": "us-west-2a",
                            "cidr_block": "10.123.51.96/27",
                            "id": "subnet-b7e823c1",
                            "map_public_ip_on_launch": "false",
                            "tags.%": "5",
                            "tags.Name": "integ-private-subnet",
                            "tags.account_name": "jive-data-pipeline",
                            "tags.pipeline_phase": "integ",
                            "tags.region": "us-west-2",
                            "tags.sla": "non-prod",
                            "vpc_id": "vpc-5e92383a"
                        },
                        "meta": {},
                        "tainted": false
                    },
                    "deposed": [],
                    "provider": ""
                },
                "aws_subnet.private.1": {
                    "type": "aws_subnet",
                    "depends_on": [
                        "aws_vpc.main"
                    ],
                    "primary": {
                        "id": "subnet-5c42f438",
                        "attributes": {
                            "assign_ipv6_address_on_creation": "false",
                            "availability_zone": "us-west-2b",
                            "cidr_block": "10.123.51.128/27",
                            "id": "subnet-5c42f438",
                            "map_public_ip_on_launch": "false",
                            "tags.%": "5",
                            "tags.Name": "integ-private-subnet",
                            "tags.account_name": "jive-data-pipeline",
                            "tags.pipeline_phase": "integ",
                            "tags.region": "us-west-2",
                            "tags.sla": "non-prod",
                            "vpc_id": "vpc-5e92383a"
                        },
                        "meta": {},
                        "tainted": false
                    },
                    "deposed": [],
                    "provider": ""
                },
                "aws_subnet.private.2": {
                    "type": "aws_subnet",
                    "depends_on": [
                        "aws_vpc.main"
                    ],
                    "primary": {
                        "id": "subnet-efe5feb6",
                        "attributes": {
                            "assign_ipv6_address_on_creation": "false",
                            "availability_zone": "us-west-2c",
                            "cidr_block": "10.123.51.160/27",
                            "id": "subnet-efe5feb6",
                            "map_public_ip_on_launch": "false",
                            "tags.%": "5",
                            "tags.Name": "integ-private-subnet",
                            "tags.account_name": "jive-data-pipeline",
                            "tags.pipeline_phase": "integ",
                            "tags.region": "us-west-2",
                            "tags.sla": "non-prod",
                            "vpc_id": "vpc-5e92383a"
                        },
                        "meta": {},
                        "tainted": false
                    },
                    "deposed": [],
                    "provider": ""
                },
                "aws_subnet.public.0": {
                    "type": "aws_subnet",
                    "depends_on": [
                        "aws_vpc.main"
                    ],
                    "primary": {
                        "id": "subnet-b6e823c0",
                        "attributes": {
                            "assign_ipv6_address_on_creation": "false",
                            "availability_zone": "us-west-2a",
                            "cidr_block": "10.123.51.0/27",
                            "id": "subnet-b6e823c0",
                            "map_public_ip_on_launch": "false",
                            "tags.%": "6",
                            "tags.KubernetesCluster": "us-west-2_jive-data-pipeline",
                            "tags.Name": "integ-public-subnet",
                            "tags.account_name": "jive-data-pipeline",
                            "tags.pipeline_phase": "integ",
                            "tags.region": "us-west-2",
                            "tags.sla": "non-prod",
                            "vpc_id": "vpc-5e92383a"
                        },
                        "meta": {},
                        "tainted": false
                    },
                    "deposed": [],
                    "provider": ""
                },
                "aws_subnet.public.1": {
                    "type": "aws_subnet",
                    "depends_on": [
                        "aws_vpc.main"
                    ],
                    "primary": {
                        "id": "subnet-5a42f43e",
                        "attributes": {
                            "assign_ipv6_address_on_creation": "false",
                            "availability_zone": "us-west-2b",
                            "cidr_block": "10.123.51.32/27",
                            "id": "subnet-5a42f43e",
                            "map_public_ip_on_launch": "false",
                            "tags.%": "6",
                            "tags.KubernetesCluster": "us-west-2_jive-data-pipeline",
                            "tags.Name": "integ-public-subnet",
                            "tags.account_name": "jive-data-pipeline",
                            "tags.pipeline_phase": "integ",
                            "tags.region": "us-west-2",
                            "tags.sla": "non-prod",
                            "vpc_id": "vpc-5e92383a"
                        },
                        "meta": {},
                        "tainted": false
                    },
                    "deposed": [],
                    "provider": ""
                },
                "aws_subnet.public.2": {
                    "type": "aws_subnet",
                    "depends_on": [
                        "aws_vpc.main"
                    ],
                    "primary": {
                        "id": "subnet-e3e5feba",
                        "attributes": {
                            "assign_ipv6_address_on_creation": "false",
                            "availability_zone": "us-west-2c",
                            "cidr_block": "10.123.51.64/27",
                            "id": "subnet-e3e5feba",
                            "map_public_ip_on_launch": "false",
                            "tags.%": "6",
                            "tags.KubernetesCluster": "us-west-2_jive-data-pipeline",
                            "tags.Name": "integ-public-subnet",
                            "tags.account_name": "jive-data-pipeline",
                            "tags.pipeline_phase": "integ",
                            "tags.region": "us-west-2",
                            "tags.sla": "non-prod",
                            "vpc_id": "vpc-5e92383a"
                        },
                        "meta": {},
                        "tainted": false
                    },
                    "deposed": [],
                    "provider": ""
                },
                "aws_vpc.main": {
                    "type": "aws_vpc",
                    "depends_on": [],
                    "primary": {
                        "id": "vpc-5e92383a",
                        "attributes": {
                            "assign_generated_ipv6_cidr_block": "false",
                            "cidr_block": "10.123.48.0/22",
                            "default_network_acl_id": "acl-d7fc7bb3",
                            "default_route_table_id": "rtb-2bc25f4f",
                            "default_security_group_id": "sg-49c9c12e",
                            "dhcp_options_id": "dopt-ba1a66df",
                            "enable_classiclink": "false",
                            "enable_dns_hostnames": "true",
                            "enable_dns_support": "true",
                            "id": "vpc-5e92383a",
                            "instance_tenancy": "default",
                            "main_route_table_id": "rtb-2bc25f4f",
                            "tags.%": "5",
                            "tags.Name": "integ-vpc",
                            "tags.account_name": "jive-data-pipeline",
                            "tags.pipeline_phase": "integ",
                            "tags.region": "us-west-2",
                            "tags.sla": "non-prod"
                        },
                        "meta": {
                            "schema_version": "1"
                        },
                        "tainted": false
                    },
                    "deposed": [],
                    "provider": ""
                },
                "aws_vpc_peering_connection.infra": {
                    "type": "aws_vpc_peering_connection",
                    "depends_on": [
                        "aws_vpc.main"
                    ],
                    "primary": {
                        "id": "pcx-86ad07ef",
                        "attributes": {
                            "accept_status": "active",
                            "accepter.#": "1",
                            "accepter.3244290774.allow_classic_link_to_remote_vpc": "false",
                            "accepter.3244290774.allow_remote_vpc_dns_resolution": "false",
                            "accepter.3244290774.allow_vpc_to_remote_classic_link": "false",
                            "auto_accept": "true",
                            "id": "pcx-86ad07ef",
                            "peer_owner_id": "999547976641",
                            "peer_vpc_id": "vpc-f467c090",
                            "requester.#": "1",
                            "requester.3244290774.allow_classic_link_to_remote_vpc": "false",
                            "requester.3244290774.allow_remote_vpc_dns_resolution": "false",
                            "requester.3244290774.allow_vpc_to_remote_classic_link": "false",
                            "tags.%": "5",
                            "tags.Name": "integ_to_infra-jive-data-pipeline",
                            "tags.account_name": "jive-data-pipeline",
                            "tags.pipeline_phase": "integ",
                            "tags.region": "us-west-2",
                            "tags.sla": "non-prod",
                            "vpc_id": "vpc-5e92383a"
                        },
                        "meta": {},
                        "tainted": false
                    },
                    "deposed": [],
                    "provider": ""
                },
                "aws_vpn_gateway.vgw": {
                    "type": "aws_vpn_gateway",
                    "depends_on": [
                        "aws_vpc.main"
                    ],
                    "primary": {
                        "id": "vgw-25a37a3b",
                        "attributes": {
                            "availability_zone": "",
                            "id": "vgw-25a37a3b",
                            "tags.%": "7",
                            "tags.Name": "integ-vgw",
                            "tags.account_name": "jive-data-pipeline",
                            "tags.jive_service": "infrastructure",
                            "tags.pipeline_phase": "integ",
                            "tags.region": "us-west-2",
                            "tags.service_component": "vpn_gateway",
                            "tags.sla": "non-prod",
                            "vpc_id": "vpc-5e92383a"
                        },
                        "meta": {},
                        "tainted": false
                    },
                    "deposed": [],
                    "provider": ""
                }
            },
            "depends_on": []
        }
    ]
}
