{
    "version": 3,
    "terraform_version": "0.9.2",
    "serial": 18,
    "lineage": "d84a528c-3be1-445e-b423-b21cfd337ad3",
    "modules": [
        {
            "path": [
                "root"
            ],
            "outputs": {},
            "resources": {
                "aws_autoscaling_group.bastion": {
                    "type": "aws_autoscaling_group",
                    "depends_on": [
                        "aws_launch_configuration.bastion",
                        "aws_launch_configuration.bastion",
                        "aws_subnet.natdc"
                    ],
                    "primary": {
                        "id": "infra-pipeline-bastion-asg-terraform-002b3987e9a39309410e2b0a5f",
                        "attributes": {
                            "arn": "arn:aws:autoscaling:us-west-2:044571148504:autoScalingGroup:fa38f0ed-1e48-49d0-a1d2-c51c009b45fc:autoScalingGroupName/infra-pipeline-bastion-asg-terraform-002b3987e9a39309410e2b0a5f",
                            "availability_zones.#": "1",
                            "availability_zones.2487133097": "us-west-2a",
                            "default_cooldown": "300",
                            "desired_capacity": "1",
                            "force_delete": "false",
                            "health_check_grace_period": "300",
                            "health_check_type": "EC2",
                            "id": "infra-pipeline-bastion-asg-terraform-002b3987e9a39309410e2b0a5f",
                            "launch_configuration": "terraform-002b3987e9a39309410e2b0a5f",
                            "load_balancers.#": "0",
                            "max_size": "1",
                            "metrics_granularity": "1Minute",
                            "min_size": "1",
                            "name": "infra-pipeline-bastion-asg-terraform-002b3987e9a39309410e2b0a5f",
                            "placement_group": "",
                            "protect_from_scale_in": "false",
                            "suspended_processes.#": "0",
                            "tag.#": "8",
                            "tag.1907427875.key": "pipeline_phase",
                            "tag.1907427875.propagate_at_launch": "true",
                            "tag.1907427875.value": "infra-pipeline",
                            "tag.2005627539.key": "region",
                            "tag.2005627539.propagate_at_launch": "true",
                            "tag.2005627539.value": "us-west-2",
                            "tag.2220074062.key": "sla",
                            "tag.2220074062.propagate_at_launch": "true",
                            "tag.2220074062.value": "non-prod",
                            "tag.2644584590.key": "bastionip",
                            "tag.2644584590.propagate_at_launch": "true",
                            "tag.2644584590.value": "10.127.57.7",
                            "tag.2734052481.key": "service_component",
                            "tag.2734052481.propagate_at_launch": "true",
                            "tag.2734052481.value": "bastion",
                            "tag.275547946.key": "account_name",
                            "tag.275547946.propagate_at_launch": "true",
                            "tag.275547946.value": "jive-ps-pipeline",
                            "tag.3357193003.key": "Name",
                            "tag.3357193003.propagate_at_launch": "true",
                            "tag.3357193003.value": "infra-pipeline-bastion-instance",
                            "tag.853938758.key": "jive_service",
                            "tag.853938758.propagate_at_launch": "true",
                            "tag.853938758.value": "infrastructure",
                            "target_group_arns.#": "0",
                            "termination_policies.#": "0",
                            "vpc_zone_identifier.#": "1",
                            "vpc_zone_identifier.3327708580": "subnet-ab4f91dd",
                            "wait_for_capacity_timeout": "10m"
                        },
                        "meta": {},
                        "tainted": false
                    },
                    "deposed": [],
                    "provider": ""
                },
                "aws_eip.natgw.0": {
                    "type": "aws_eip",
                    "depends_on": [],
                    "primary": {
                        "id": "eipalloc-7ba4d71f",
                        "attributes": {
                            "association_id": "eipassoc-766c104c",
                            "domain": "vpc",
                            "id": "eipalloc-7ba4d71f",
                            "instance": "",
                            "network_interface": "eni-19675623",
                            "private_ip": "10.127.57.108",
                            "public_ip": "52.35.6.202",
                            "vpc": "true"
                        },
                        "meta": {},
                        "tainted": false
                    },
                    "deposed": [],
                    "provider": ""
                },
                "aws_eip.natgw.1": {
                    "type": "aws_eip",
                    "depends_on": [],
                    "primary": {
                        "id": "eipalloc-bcf16986",
                        "attributes": {
                            "association_id": "eipassoc-1c691526",
                            "domain": "vpc",
                            "id": "eipalloc-bcf16986",
                            "instance": "",
                            "network_interface": "eni-31adbb19",
                            "private_ip": "10.127.57.150",
                            "public_ip": "35.167.41.130",
                            "vpc": "true"
                        },
                        "meta": {},
                        "tainted": false
                    },
                    "deposed": [],
                    "provider": ""
                },
                "aws_eip.natgw.2": {
                    "type": "aws_eip",
                    "depends_on": [],
                    "primary": {
                        "id": "eipalloc-58fd6562",
                        "attributes": {
                            "association_id": "eipassoc-dc6d11e6",
                            "domain": "vpc",
                            "id": "eipalloc-58fd6562",
                            "instance": "",
                            "network_interface": "eni-e65a1eea",
                            "private_ip": "10.127.57.165",
                            "public_ip": "52.89.39.114",
                            "vpc": "true"
                        },
                        "meta": {},
                        "tainted": false
                    },
                    "deposed": [],
                    "provider": ""
                },
                "aws_internet_gateway.igw": {
                    "type": "aws_internet_gateway",
                    "depends_on": [
                        "aws_vpc.main"
                    ],
                    "primary": {
                        "id": "igw-46b7b923",
                        "attributes": {
                            "id": "igw-46b7b923",
                            "tags.%": "5",
                            "tags.Name": "infra-pipeline-igw",
                            "tags.account_name": "jive-ps-pipeline",
                            "tags.pipeline_phase": "infra-pipeline",
                            "tags.region": "us-west-2",
                            "tags.sla": "non-prod",
                            "vpc_id": "vpc-99338bfd"
                        },
                        "meta": {},
                        "tainted": false
                    },
                    "deposed": [],
                    "provider": ""
                },
                "aws_launch_configuration.bastion": {
                    "type": "aws_launch_configuration",
                    "depends_on": [],
                    "primary": {
                        "id": "terraform-002b3987e9a39309410e2b0a5f",
                        "attributes": {
                            "associate_public_ip_address": "false",
                            "ebs_block_device.#": "0",
                            "ebs_optimized": "false",
                            "enable_monitoring": "true",
                            "ephemeral_block_device.#": "0",
                            "iam_instance_profile": "eni-attach-profile",
                            "id": "terraform-002b3987e9a39309410e2b0a5f",
                            "image_id": "ami-d2c924b2",
                            "instance_type": "t2.medium",
                            "key_name": "ps-pipeline",
                            "name": "terraform-002b3987e9a39309410e2b0a5f",
                            "root_block_device.#": "1",
                            "root_block_device.0.delete_on_termination": "true",
                            "root_block_device.0.iops": "0",
                            "root_block_device.0.volume_size": "25",
                            "root_block_device.0.volume_type": "",
                            "security_groups.#": "1",
                            "security_groups.3637775347": "sg-33c52d55",
                            "spot_price": "",
                            "user_data": "44eb130f73bac44967480b1b7e0935bcc41fab68",
                            "vpc_classic_link_id": "",
                            "vpc_classic_link_security_groups.#": "0"
                        },
                        "meta": {},
                        "tainted": false
                    },
                    "deposed": [],
                    "provider": ""
                },
                "aws_nat_gateway.natgw.0": {
                    "type": "aws_nat_gateway",
                    "depends_on": [
                        "aws_eip.natgw.*",
                        "aws_internet_gateway.igw",
                        "aws_subnet.public.*"
                    ],
                    "primary": {
                        "id": "nat-041da3c73183c9c62",
                        "attributes": {
                            "allocation_id": "eipalloc-7ba4d71f",
                            "id": "nat-041da3c73183c9c62",
                            "network_interface_id": "eni-19675623",
                            "private_ip": "10.127.57.108",
                            "public_ip": "52.35.6.202",
                            "subnet_id": "subnet-ae4f91d8"
                        },
                        "meta": {},
                        "tainted": false
                    },
                    "deposed": [],
                    "provider": ""
                },
                "aws_nat_gateway.natgw.1": {
                    "type": "aws_nat_gateway",
                    "depends_on": [
                        "aws_eip.natgw.*",
                        "aws_internet_gateway.igw",
                        "aws_subnet.public.*"
                    ],
                    "primary": {
                        "id": "nat-092e489f21075dce7",
                        "attributes": {
                            "allocation_id": "eipalloc-bcf16986",
                            "id": "nat-092e489f21075dce7",
                            "network_interface_id": "eni-31adbb19",
                            "private_ip": "10.127.57.150",
                            "public_ip": "35.167.41.130",
                            "subnet_id": "subnet-51cb4c35"
                        },
                        "meta": {},
                        "tainted": false
                    },
                    "deposed": [],
                    "provider": ""
                },
                "aws_nat_gateway.natgw.2": {
                    "type": "aws_nat_gateway",
                    "depends_on": [
                        "aws_eip.natgw.*",
                        "aws_internet_gateway.igw",
                        "aws_subnet.public.*"
                    ],
                    "primary": {
                        "id": "nat-0aaf355d74d589da1",
                        "attributes": {
                            "allocation_id": "eipalloc-58fd6562",
                            "id": "nat-0aaf355d74d589da1",
                            "network_interface_id": "eni-e65a1eea",
                            "private_ip": "10.127.57.165",
                            "public_ip": "52.89.39.114",
                            "subnet_id": "subnet-1eef0046"
                        },
                        "meta": {},
                        "tainted": false
                    },
                    "deposed": [],
                    "provider": ""
                },
                "aws_network_interface.bastion": {
                    "type": "aws_network_interface",
                    "depends_on": [
                        "aws_security_group.jive_phx_dc",
                        "aws_subnet.natdc"
                    ],
                    "primary": {
                        "id": "eni-ae145ce3",
                        "attributes": {
                            "attachment.#": "1",
                            "attachment.4209695302.attachment_id": "eni-attach-8f3cf9f7",
                            "attachment.4209695302.device_index": "1",
                            "attachment.4209695302.instance": "i-086e99039496e1fc5",
                            "description": "",
                            "id": "eni-ae145ce3",
                            "private_ips.#": "1",
                            "private_ips.3839748212": "10.127.57.7",
                            "security_groups.#": "1",
                            "security_groups.3637775347": "sg-33c52d55",
                            "source_dest_check": "true",
                            "subnet_id": "subnet-ab4f91dd",
                            "tags.%": "7",
                            "tags.Name": "infra-pipeline-bastion-instance",
                            "tags.account_name": "jive-ps-pipeline",
                            "tags.jive_service": "infrastructure",
                            "tags.pipeline_phase": "infra-pipeline",
                            "tags.region": "us-west-2",
                            "tags.service_component": "bastion",
                            "tags.sla": "non-prod"
                        },
                        "meta": {},
                        "tainted": false
                    },
                    "deposed": [],
                    "provider": ""
                },
                "aws_route53_record.bastion": {
                    "type": "aws_route53_record",
                    "depends_on": [],
                    "primary": {
                        "id": "Z1ECOPBZVMCE0L_bastion-us-west-2-jive-ps-pipeline_A",
                        "attributes": {
                            "fqdn": "bastion-us-west-2-jive-ps-pipeline.jiveprivate.com",
                            "health_check_id": "",
                            "id": "Z1ECOPBZVMCE0L_bastion-us-west-2-jive-ps-pipeline_A",
                            "name": "bastion-us-west-2-jive-ps-pipeline",
                            "records.#": "1",
                            "records.3839748212": "10.127.57.7",
                            "set_identifier": "",
                            "ttl": "60",
                            "type": "A",
                            "zone_id": "Z1ECOPBZVMCE0L"
                        },
                        "meta": {
                            "schema_version": "2"
                        },
                        "tainted": false
                    },
                    "deposed": [],
                    "provider": ""
                },
                "aws_route53_zone_association.route53": {
                    "type": "aws_route53_zone_association",
                    "depends_on": [
                        "aws_vpc.main"
                    ],
                    "primary": {
                        "id": "Z1ECOPBZVMCE0L:vpc-99338bfd",
                        "attributes": {
                            "id": "Z1ECOPBZVMCE0L:vpc-99338bfd",
                            "vpc_id": "vpc-99338bfd",
                            "vpc_region": "us-west-2",
                            "zone_id": "Z1ECOPBZVMCE0L"
                        },
                        "meta": {},
                        "tainted": false
                    },
                    "deposed": [],
                    "provider": ""
                },
                "aws_route_table.natdc.0": {
                    "type": "aws_route_table",
                    "depends_on": [
                        "aws_nat_gateway.natgw",
                        "aws_vpc.main",
                        "aws_vpn_gateway.vgw"
                    ],
                    "primary": {
                        "id": "rtb-c1b8d5a5",
                        "attributes": {
                            "id": "rtb-c1b8d5a5",
                            "propagating_vgws.#": "1",
                            "propagating_vgws.660463900": "vgw-d3d50ccd",
                            "route.#": "4",
                            "route.1957220989.cidr_block": "10.126.148.0/22",
                            "route.1957220989.egress_only_gateway_id": "",
                            "route.1957220989.gateway_id": "",
                            "route.1957220989.instance_id": "",
                            "route.1957220989.ipv6_cidr_block": "",
                            "route.1957220989.nat_gateway_id": "",
                            "route.1957220989.network_interface_id": "",
                            "route.1957220989.vpc_peering_connection_id": "pcx-efeb5f86",
                            "route.2727877449.cidr_block": "10.126.152.0/22",
                            "route.2727877449.egress_only_gateway_id": "",
                            "route.2727877449.gateway_id": "",
                            "route.2727877449.instance_id": "",
                            "route.2727877449.ipv6_cidr_block": "",
                            "route.2727877449.nat_gateway_id": "",
                            "route.2727877449.network_interface_id": "",
                            "route.2727877449.vpc_peering_connection_id": "pcx-3fd76356",
                            "route.384323279.cidr_block": "10.126.144.0/22",
                            "route.384323279.egress_only_gateway_id": "",
                            "route.384323279.gateway_id": "",
                            "route.384323279.instance_id": "",
                            "route.384323279.ipv6_cidr_block": "",
                            "route.384323279.nat_gateway_id": "",
                            "route.384323279.network_interface_id": "",
                            "route.384323279.vpc_peering_connection_id": "pcx-00eb5f69",
                            "route.701109567.cidr_block": "0.0.0.0/0",
                            "route.701109567.egress_only_gateway_id": "",
                            "route.701109567.gateway_id": "",
                            "route.701109567.instance_id": "",
                            "route.701109567.ipv6_cidr_block": "",
                            "route.701109567.nat_gateway_id": "nat-092e489f21075dce7",
                            "route.701109567.network_interface_id": "",
                            "route.701109567.vpc_peering_connection_id": "",
                            "tags.%": "5",
                            "tags.Name": "infra-pipeline-natdc-routetable",
                            "tags.account_name": "jive-ps-pipeline",
                            "tags.pipeline_phase": "infra-pipeline",
                            "tags.region": "us-west-2",
                            "tags.sla": "non-prod",
                            "vpc_id": "vpc-99338bfd"
                        },
                        "meta": {},
                        "tainted": false
                    },
                    "deposed": [],
                    "provider": ""
                },
                "aws_route_table.natdc.1": {
                    "type": "aws_route_table",
                    "depends_on": [
                        "aws_nat_gateway.natgw.*",
                        "aws_vpc.main",
                        "aws_vpn_gateway.vgw"
                    ],
                    "primary": {
                        "id": "rtb-7030ef16",
                        "attributes": {
                            "id": "rtb-7030ef16",
                            "propagating_vgws.#": "1",
                            "propagating_vgws.660463900": "vgw-d3d50ccd",
                            "route.#": "4",
                            "route.1957220989.cidr_block": "10.126.148.0/22",
                            "route.1957220989.egress_only_gateway_id": "",
                            "route.1957220989.gateway_id": "",
                            "route.1957220989.instance_id": "",
                            "route.1957220989.ipv6_cidr_block": "",
                            "route.1957220989.nat_gateway_id": "",
                            "route.1957220989.network_interface_id": "",
                            "route.1957220989.vpc_peering_connection_id": "pcx-efeb5f86",
                            "route.2727877449.cidr_block": "10.126.152.0/22",
                            "route.2727877449.egress_only_gateway_id": "",
                            "route.2727877449.gateway_id": "",
                            "route.2727877449.instance_id": "",
                            "route.2727877449.ipv6_cidr_block": "",
                            "route.2727877449.nat_gateway_id": "",
                            "route.2727877449.network_interface_id": "",
                            "route.2727877449.vpc_peering_connection_id": "pcx-3fd76356",
                            "route.384323279.cidr_block": "10.126.144.0/22",
                            "route.384323279.egress_only_gateway_id": "",
                            "route.384323279.gateway_id": "",
                            "route.384323279.instance_id": "",
                            "route.384323279.ipv6_cidr_block": "",
                            "route.384323279.nat_gateway_id": "",
                            "route.384323279.network_interface_id": "",
                            "route.384323279.vpc_peering_connection_id": "pcx-00eb5f69",
                            "route.701109567.cidr_block": "0.0.0.0/0",
                            "route.701109567.egress_only_gateway_id": "",
                            "route.701109567.gateway_id": "",
                            "route.701109567.instance_id": "",
                            "route.701109567.ipv6_cidr_block": "",
                            "route.701109567.nat_gateway_id": "nat-092e489f21075dce7",
                            "route.701109567.network_interface_id": "",
                            "route.701109567.vpc_peering_connection_id": "",
                            "tags.%": "5",
                            "tags.Name": "infra-pipeline-natdc-routetable",
                            "tags.account_name": "jive-ps-pipeline",
                            "tags.pipeline_phase": "infra-pipeline",
                            "tags.region": "us-west-2",
                            "tags.sla": "non-prod",
                            "vpc_id": "vpc-99338bfd"
                        },
                        "meta": {},
                        "tainted": false
                    },
                    "deposed": [],
                    "provider": ""
                },
                "aws_route_table.natdc.2": {
                    "type": "aws_route_table",
                    "depends_on": [
                        "aws_nat_gateway.natgw.*",
                        "aws_vpc.main",
                        "aws_vpn_gateway.vgw"
                    ],
                    "primary": {
                        "id": "rtb-7130ef17",
                        "attributes": {
                            "id": "rtb-7130ef17",
                            "propagating_vgws.#": "1",
                            "propagating_vgws.660463900": "vgw-d3d50ccd",
                            "route.#": "4",
                            "route.1957220989.cidr_block": "10.126.148.0/22",
                            "route.1957220989.egress_only_gateway_id": "",
                            "route.1957220989.gateway_id": "",
                            "route.1957220989.instance_id": "",
                            "route.1957220989.ipv6_cidr_block": "",
                            "route.1957220989.nat_gateway_id": "",
                            "route.1957220989.network_interface_id": "",
                            "route.1957220989.vpc_peering_connection_id": "pcx-efeb5f86",
                            "route.2069453565.cidr_block": "0.0.0.0/0",
                            "route.2069453565.egress_only_gateway_id": "",
                            "route.2069453565.gateway_id": "",
                            "route.2069453565.instance_id": "",
                            "route.2069453565.ipv6_cidr_block": "",
                            "route.2069453565.nat_gateway_id": "nat-0aaf355d74d589da1",
                            "route.2069453565.network_interface_id": "",
                            "route.2069453565.vpc_peering_connection_id": "",
                            "route.2727877449.cidr_block": "10.126.152.0/22",
                            "route.2727877449.egress_only_gateway_id": "",
                            "route.2727877449.gateway_id": "",
                            "route.2727877449.instance_id": "",
                            "route.2727877449.ipv6_cidr_block": "",
                            "route.2727877449.nat_gateway_id": "",
                            "route.2727877449.network_interface_id": "",
                            "route.2727877449.vpc_peering_connection_id": "pcx-3fd76356",
                            "route.384323279.cidr_block": "10.126.144.0/22",
                            "route.384323279.egress_only_gateway_id": "",
                            "route.384323279.gateway_id": "",
                            "route.384323279.instance_id": "",
                            "route.384323279.ipv6_cidr_block": "",
                            "route.384323279.nat_gateway_id": "",
                            "route.384323279.network_interface_id": "",
                            "route.384323279.vpc_peering_connection_id": "pcx-00eb5f69",
                            "tags.%": "5",
                            "tags.Name": "infra-pipeline-natdc-routetable",
                            "tags.account_name": "jive-ps-pipeline",
                            "tags.pipeline_phase": "infra-pipeline",
                            "tags.region": "us-west-2",
                            "tags.sla": "non-prod",
                            "vpc_id": "vpc-99338bfd"
                        },
                        "meta": {},
                        "tainted": false
                    },
                    "deposed": [],
                    "provider": ""
                },
                "aws_route_table.private": {
                    "type": "aws_route_table",
                    "depends_on": [
                        "aws_vpc.main"
                    ],
                    "primary": {
                        "id": "rtb-aeb9d4ca",
                        "attributes": {
                            "id": "rtb-aeb9d4ca",
                            "propagating_vgws.#": "0",
                            "route.#": "3",
                            "route.1957220989.cidr_block": "10.126.148.0/22",
                            "route.1957220989.egress_only_gateway_id": "",
                            "route.1957220989.gateway_id": "",
                            "route.1957220989.instance_id": "",
                            "route.1957220989.ipv6_cidr_block": "",
                            "route.1957220989.nat_gateway_id": "",
                            "route.1957220989.network_interface_id": "",
                            "route.1957220989.vpc_peering_connection_id": "pcx-efeb5f86",
                            "route.2727877449.cidr_block": "10.126.152.0/22",
                            "route.2727877449.egress_only_gateway_id": "",
                            "route.2727877449.gateway_id": "",
                            "route.2727877449.instance_id": "",
                            "route.2727877449.ipv6_cidr_block": "",
                            "route.2727877449.nat_gateway_id": "",
                            "route.2727877449.network_interface_id": "",
                            "route.2727877449.vpc_peering_connection_id": "pcx-3fd76356",
                            "route.384323279.cidr_block": "10.126.144.0/22",
                            "route.384323279.egress_only_gateway_id": "",
                            "route.384323279.gateway_id": "",
                            "route.384323279.instance_id": "",
                            "route.384323279.ipv6_cidr_block": "",
                            "route.384323279.nat_gateway_id": "",
                            "route.384323279.network_interface_id": "",
                            "route.384323279.vpc_peering_connection_id": "pcx-00eb5f69",
                            "tags.%": "5",
                            "tags.Name": "infra-pipeline-private-routetable",
                            "tags.account_name": "jive-ps-pipeline",
                            "tags.pipeline_phase": "infra-pipeline",
                            "tags.region": "us-west-2",
                            "tags.sla": "non-prod",
                            "vpc_id": "vpc-99338bfd"
                        },
                        "meta": {},
                        "tainted": false
                    },
                    "deposed": [],
                    "provider": ""
                },
                "aws_route_table.public": {
                    "type": "aws_route_table",
                    "depends_on": [
                        "aws_internet_gateway.igw",
                        "aws_vpc.main"
                    ],
                    "primary": {
                        "id": "rtb-abb9d4cf",
                        "attributes": {
                            "id": "rtb-abb9d4cf",
                            "propagating_vgws.#": "0",
                            "route.#": "4",
                            "route.1126971540.cidr_block": "0.0.0.0/0",
                            "route.1126971540.egress_only_gateway_id": "",
                            "route.1126971540.gateway_id": "igw-46b7b923",
                            "route.1126971540.instance_id": "",
                            "route.1126971540.ipv6_cidr_block": "",
                            "route.1126971540.nat_gateway_id": "",
                            "route.1126971540.network_interface_id": "",
                            "route.1126971540.vpc_peering_connection_id": "",
                            "route.1957220989.cidr_block": "10.126.148.0/22",
                            "route.1957220989.egress_only_gateway_id": "",
                            "route.1957220989.gateway_id": "",
                            "route.1957220989.instance_id": "",
                            "route.1957220989.ipv6_cidr_block": "",
                            "route.1957220989.nat_gateway_id": "",
                            "route.1957220989.network_interface_id": "",
                            "route.1957220989.vpc_peering_connection_id": "pcx-efeb5f86",
                            "route.2727877449.cidr_block": "10.126.152.0/22",
                            "route.2727877449.egress_only_gateway_id": "",
                            "route.2727877449.gateway_id": "",
                            "route.2727877449.instance_id": "",
                            "route.2727877449.ipv6_cidr_block": "",
                            "route.2727877449.nat_gateway_id": "",
                            "route.2727877449.network_interface_id": "",
                            "route.2727877449.vpc_peering_connection_id": "pcx-3fd76356",
                            "route.384323279.cidr_block": "10.126.144.0/22",
                            "route.384323279.egress_only_gateway_id": "",
                            "route.384323279.gateway_id": "",
                            "route.384323279.instance_id": "",
                            "route.384323279.ipv6_cidr_block": "",
                            "route.384323279.nat_gateway_id": "",
                            "route.384323279.network_interface_id": "",
                            "route.384323279.vpc_peering_connection_id": "pcx-00eb5f69",
                            "tags.%": "5",
                            "tags.Name": "infra-pipeline-public-routetable",
                            "tags.account_name": "jive-ps-pipeline",
                            "tags.pipeline_phase": "infra-pipeline",
                            "tags.region": "us-west-2",
                            "tags.sla": "non-prod",
                            "vpc_id": "vpc-99338bfd"
                        },
                        "meta": {},
                        "tainted": false
                    },
                    "deposed": [],
                    "provider": ""
                },
                "aws_route_table_association.natdc.0": {
                    "type": "aws_route_table_association",
                    "depends_on": [
                        "aws_route_table.natdc.*",
                        "aws_subnet.natdc.*"
                    ],
                    "primary": {
                        "id": "rtbassoc-4ab2ae2e",
                        "attributes": {
                            "id": "rtbassoc-4ab2ae2e",
                            "route_table_id": "rtb-c1b8d5a5",
                            "subnet_id": "subnet-56cb4c32"
                        },
                        "meta": {},
                        "tainted": false
                    },
                    "deposed": [],
                    "provider": ""
                },
                "aws_route_table_association.natdc.1": {
                    "type": "aws_route_table_association",
                    "depends_on": [
                        "aws_route_table.natdc.*",
                        "aws_subnet.natdc.*"
                    ],
                    "primary": {
                        "id": "rtbassoc-b865aec1",
                        "attributes": {
                            "id": "rtbassoc-b865aec1",
                            "route_table_id": "rtb-7030ef16",
                            "subnet_id": "subnet-12ef004a"
                        },
                        "meta": {},
                        "tainted": false
                    },
                    "deposed": [],
                    "provider": ""
                },
                "aws_route_table_association.natdc.2": {
                    "type": "aws_route_table_association",
                    "depends_on": [
                        "aws_route_table.natdc.*",
                        "aws_subnet.natdc.*"
                    ],
                    "primary": {
                        "id": "rtbassoc-fc64af85",
                        "attributes": {
                            "id": "rtbassoc-fc64af85",
                            "route_table_id": "rtb-7130ef17",
                            "subnet_id": "subnet-ab4f91dd"
                        },
                        "meta": {},
                        "tainted": false
                    },
                    "deposed": [],
                    "provider": ""
                },
                "aws_route_table_association.private.0": {
                    "type": "aws_route_table_association",
                    "depends_on": [
                        "aws_route_table.private",
                        "aws_subnet.private"
                    ],
                    "primary": {
                        "id": "rtbassoc-fbb0ac9f",
                        "attributes": {
                            "id": "rtbassoc-fbb0ac9f",
                            "route_table_id": "rtb-aeb9d4ca",
                            "subnet_id": "subnet-ad4f91db"
                        },
                        "meta": {},
                        "tainted": false
                    },
                    "deposed": [],
                    "provider": ""
                },
                "aws_route_table_association.private.1": {
                    "type": "aws_route_table_association",
                    "depends_on": [
                        "aws_route_table.private",
                        "aws_subnet.private"
                    ],
                    "primary": {
                        "id": "rtbassoc-c4b0aca0",
                        "attributes": {
                            "id": "rtbassoc-c4b0aca0",
                            "route_table_id": "rtb-aeb9d4ca",
                            "subnet_id": "subnet-50cb4c34"
                        },
                        "meta": {},
                        "tainted": false
                    },
                    "deposed": [],
                    "provider": ""
                },
                "aws_route_table_association.private.2": {
                    "type": "aws_route_table_association",
                    "depends_on": [
                        "aws_route_table.private",
                        "aws_subnet.private"
                    ],
                    "primary": {
                        "id": "rtbassoc-fab0ac9e",
                        "attributes": {
                            "id": "rtbassoc-fab0ac9e",
                            "route_table_id": "rtb-aeb9d4ca",
                            "subnet_id": "subnet-1fef0047"
                        },
                        "meta": {},
                        "tainted": false
                    },
                    "deposed": [],
                    "provider": ""
                },
                "aws_route_table_association.public.0": {
                    "type": "aws_route_table_association",
                    "depends_on": [
                        "aws_route_table.public",
                        "aws_subnet.public"
                    ],
                    "primary": {
                        "id": "rtbassoc-c7b0aca3",
                        "attributes": {
                            "id": "rtbassoc-c7b0aca3",
                            "route_table_id": "rtb-abb9d4cf",
                            "subnet_id": "subnet-ae4f91d8"
                        },
                        "meta": {},
                        "tainted": false
                    },
                    "deposed": [],
                    "provider": ""
                },
                "aws_route_table_association.public.1": {
                    "type": "aws_route_table_association",
                    "depends_on": [
                        "aws_route_table.public",
                        "aws_subnet.public"
                    ],
                    "primary": {
                        "id": "rtbassoc-c6b0aca2",
                        "attributes": {
                            "id": "rtbassoc-c6b0aca2",
                            "route_table_id": "rtb-abb9d4cf",
                            "subnet_id": "subnet-51cb4c35"
                        },
                        "meta": {},
                        "tainted": false
                    },
                    "deposed": [],
                    "provider": ""
                },
                "aws_route_table_association.public.2": {
                    "type": "aws_route_table_association",
                    "depends_on": [
                        "aws_route_table.public",
                        "aws_subnet.public"
                    ],
                    "primary": {
                        "id": "rtbassoc-c0b0aca4",
                        "attributes": {
                            "id": "rtbassoc-c0b0aca4",
                            "route_table_id": "rtb-abb9d4cf",
                            "subnet_id": "subnet-1eef0046"
                        },
                        "meta": {},
                        "tainted": false
                    },
                    "deposed": [],
                    "provider": ""
                },
                "aws_security_group.env_instance": {
                    "type": "aws_security_group",
                    "depends_on": [
                        "aws_vpc.main"
                    ],
                    "primary": {
                        "id": "sg-0326b578",
                        "attributes": {
                            "description": "Empty SG for all instances within the evironment",
                            "egress.#": "0",
                            "id": "sg-0326b578",
                            "ingress.#": "0",
                            "name": "infra-pipeline-instance",
                            "owner_id": "044571148504",
                            "tags.%": "5",
                            "tags.Name": "infra-pipeline-instance",
                            "tags.account_name": "jive-ps-pipeline",
                            "tags.pipeline_phase": "infra-pipeline",
                            "tags.region": "us-west-2",
                            "tags.sla": "non-prod",
                            "vpc_id": "vpc-99338bfd"
                        },
                        "meta": {},
                        "tainted": false
                    },
                    "deposed": [],
                    "provider": ""
                },
                "aws_security_group.jive_phx_dc": {
                    "type": "aws_security_group",
                    "depends_on": [
                        "aws_vpc.main"
                    ],
                    "primary": {
                        "id": "sg-33c52d55",
                        "attributes": {
                            "description": "Allow SSH and Ping from CIDRs within Jive PHX Data Center",
                            "egress.#": "1",
                            "egress.482069346.cidr_blocks.#": "1",
                            "egress.482069346.cidr_blocks.0": "0.0.0.0/0",
                            "egress.482069346.from_port": "0",
                            "egress.482069346.ipv6_cidr_blocks.#": "0",
                            "egress.482069346.prefix_list_ids.#": "0",
                            "egress.482069346.protocol": "-1",
                            "egress.482069346.security_groups.#": "0",
                            "egress.482069346.self": "false",
                            "egress.482069346.to_port": "0",
                            "id": "sg-33c52d55",
                            "ingress.#": "2",
                            "ingress.179083333.cidr_blocks.#": "1",
                            "ingress.179083333.cidr_blocks.0": "10.0.0.0/8",
                            "ingress.179083333.from_port": "22",
                            "ingress.179083333.ipv6_cidr_blocks.#": "0",
                            "ingress.179083333.protocol": "tcp",
                            "ingress.179083333.security_groups.#": "0",
                            "ingress.179083333.self": "false",
                            "ingress.179083333.to_port": "22",
                            "ingress.3280021429.cidr_blocks.#": "1",
                            "ingress.3280021429.cidr_blocks.0": "10.0.0.0/8",
                            "ingress.3280021429.from_port": "8",
                            "ingress.3280021429.ipv6_cidr_blocks.#": "0",
                            "ingress.3280021429.protocol": "icmp",
                            "ingress.3280021429.security_groups.#": "0",
                            "ingress.3280021429.self": "false",
                            "ingress.3280021429.to_port": "0",
                            "name": "infra-pipeline-jive-phx-dc",
                            "owner_id": "044571148504",
                            "tags.%": "6",
                            "tags.Name": "infra-pipeline-jive-phx-dc",
                            "tags.account_name": "jive-ps-pipeline",
                            "tags.jive_service": "infrastructure",
                            "tags.pipeline_phase": "infra-pipeline",
                            "tags.region": "us-west-2",
                            "tags.sla": "non-prod",
                            "vpc_id": "vpc-99338bfd"
                        },
                        "meta": {},
                        "tainted": false
                    },
                    "deposed": [],
                    "provider": ""
                },
                "aws_subnet.natdc.0": {
                    "type": "aws_subnet",
                    "depends_on": [
                        "aws_vpc.main"
                    ],
                    "primary": {
                        "id": "subnet-ab4f91dd",
                        "attributes": {
                            "assign_ipv6_address_on_creation": "false",
                            "availability_zone": "us-west-2a",
                            "cidr_block": "10.127.57.0/27",
                            "id": "subnet-ab4f91dd",
                            "map_public_ip_on_launch": "false",
                            "tags.%": "5",
                            "tags.Name": "infra-pipeline-natdc-subnet",
                            "tags.account_name": "jive-ps-pipeline",
                            "tags.pipeline_phase": "infra-pipeline",
                            "tags.region": "us-west-2",
                            "tags.sla": "non-prod",
                            "vpc_id": "vpc-99338bfd"
                        },
                        "meta": {},
                        "tainted": false
                    },
                    "deposed": [],
                    "provider": ""
                },
                "aws_subnet.natdc.1": {
                    "type": "aws_subnet",
                    "depends_on": [
                        "aws_vpc.main"
                    ],
                    "primary": {
                        "id": "subnet-56cb4c32",
                        "attributes": {
                            "assign_ipv6_address_on_creation": "false",
                            "availability_zone": "us-west-2b",
                            "cidr_block": "10.127.57.32/27",
                            "id": "subnet-56cb4c32",
                            "map_public_ip_on_launch": "false",
                            "tags.%": "5",
                            "tags.Name": "infra-pipeline-natdc-subnet",
                            "tags.account_name": "jive-ps-pipeline",
                            "tags.pipeline_phase": "infra-pipeline",
                            "tags.region": "us-west-2",
                            "tags.sla": "non-prod",
                            "vpc_id": "vpc-99338bfd"
                        },
                        "meta": {},
                        "tainted": false
                    },
                    "deposed": [],
                    "provider": ""
                },
                "aws_subnet.natdc.2": {
                    "type": "aws_subnet",
                    "depends_on": [
                        "aws_vpc.main"
                    ],
                    "primary": {
                        "id": "subnet-12ef004a",
                        "attributes": {
                            "assign_ipv6_address_on_creation": "false",
                            "availability_zone": "us-west-2c",
                            "cidr_block": "10.127.57.64/27",
                            "id": "subnet-12ef004a",
                            "map_public_ip_on_launch": "false",
                            "tags.%": "5",
                            "tags.Name": "infra-pipeline-natdc-subnet",
                            "tags.account_name": "jive-ps-pipeline",
                            "tags.pipeline_phase": "infra-pipeline",
                            "tags.region": "us-west-2",
                            "tags.sla": "non-prod",
                            "vpc_id": "vpc-99338bfd"
                        },
                        "meta": {},
                        "tainted": false
                    },
                    "deposed": [],
                    "provider": ""
                },
                "aws_subnet.private.0": {
                    "type": "aws_subnet",
                    "depends_on": [
                        "aws_vpc.main"
                    ],
                    "primary": {
                        "id": "subnet-ad4f91db",
                        "attributes": {
                            "assign_ipv6_address_on_creation": "false",
                            "availability_zone": "us-west-2a",
                            "cidr_block": "10.127.57.192/28",
                            "id": "subnet-ad4f91db",
                            "map_public_ip_on_launch": "false",
                            "tags.%": "5",
                            "tags.Name": "infra-pipeline-private-subnet",
                            "tags.account_name": "jive-ps-pipeline",
                            "tags.pipeline_phase": "infra-pipeline",
                            "tags.region": "us-west-2",
                            "tags.sla": "non-prod",
                            "vpc_id": "vpc-99338bfd"
                        },
                        "meta": {},
                        "tainted": false
                    },
                    "deposed": [],
                    "provider": ""
                },
                "aws_subnet.private.1": {
                    "type": "aws_subnet",
                    "depends_on": [
                        "aws_vpc.main"
                    ],
                    "primary": {
                        "id": "subnet-50cb4c34",
                        "attributes": {
                            "assign_ipv6_address_on_creation": "false",
                            "availability_zone": "us-west-2b",
                            "cidr_block": "10.127.57.208/28",
                            "id": "subnet-50cb4c34",
                            "map_public_ip_on_launch": "false",
                            "tags.%": "5",
                            "tags.Name": "infra-pipeline-private-subnet",
                            "tags.account_name": "jive-ps-pipeline",
                            "tags.pipeline_phase": "infra-pipeline",
                            "tags.region": "us-west-2",
                            "tags.sla": "non-prod",
                            "vpc_id": "vpc-99338bfd"
                        },
                        "meta": {},
                        "tainted": false
                    },
                    "deposed": [],
                    "provider": ""
                },
                "aws_subnet.private.2": {
                    "type": "aws_subnet",
                    "depends_on": [
                        "aws_vpc.main"
                    ],
                    "primary": {
                        "id": "subnet-1fef0047",
                        "attributes": {
                            "assign_ipv6_address_on_creation": "false",
                            "availability_zone": "us-west-2c",
                            "cidr_block": "10.127.57.224/28",
                            "id": "subnet-1fef0047",
                            "map_public_ip_on_launch": "false",
                            "tags.%": "5",
                            "tags.Name": "infra-pipeline-private-subnet",
                            "tags.account_name": "jive-ps-pipeline",
                            "tags.pipeline_phase": "infra-pipeline",
                            "tags.region": "us-west-2",
                            "tags.sla": "non-prod",
                            "vpc_id": "vpc-99338bfd"
                        },
                        "meta": {},
                        "tainted": false
                    },
                    "deposed": [],
                    "provider": ""
                },
                "aws_subnet.public.0": {
                    "type": "aws_subnet",
                    "depends_on": [
                        "aws_vpc.main"
                    ],
                    "primary": {
                        "id": "subnet-ae4f91d8",
                        "attributes": {
                            "assign_ipv6_address_on_creation": "false",
                            "availability_zone": "us-west-2a",
                            "cidr_block": "10.127.57.96/27",
                            "id": "subnet-ae4f91d8",
                            "map_public_ip_on_launch": "false",
                            "tags.%": "5",
                            "tags.Name": "infra-pipeline-public-subnet",
                            "tags.account_name": "jive-ps-pipeline",
                            "tags.pipeline_phase": "infra-pipeline",
                            "tags.region": "us-west-2",
                            "tags.sla": "non-prod",
                            "vpc_id": "vpc-99338bfd"
                        },
                        "meta": {},
                        "tainted": false
                    },
                    "deposed": [],
                    "provider": ""
                },
                "aws_subnet.public.1": {
                    "type": "aws_subnet",
                    "depends_on": [
                        "aws_vpc.main"
                    ],
                    "primary": {
                        "id": "subnet-51cb4c35",
                        "attributes": {
                            "assign_ipv6_address_on_creation": "false",
                            "availability_zone": "us-west-2b",
                            "cidr_block": "10.127.57.128/27",
                            "id": "subnet-51cb4c35",
                            "map_public_ip_on_launch": "false",
                            "tags.%": "5",
                            "tags.Name": "infra-pipeline-public-subnet",
                            "tags.account_name": "jive-ps-pipeline",
                            "tags.pipeline_phase": "infra-pipeline",
                            "tags.region": "us-west-2",
                            "tags.sla": "non-prod",
                            "vpc_id": "vpc-99338bfd"
                        },
                        "meta": {},
                        "tainted": false
                    },
                    "deposed": [],
                    "provider": ""
                },
                "aws_subnet.public.2": {
                    "type": "aws_subnet",
                    "depends_on": [
                        "aws_vpc.main"
                    ],
                    "primary": {
                        "id": "subnet-1eef0046",
                        "attributes": {
                            "assign_ipv6_address_on_creation": "false",
                            "availability_zone": "us-west-2c",
                            "cidr_block": "10.127.57.160/27",
                            "id": "subnet-1eef0046",
                            "map_public_ip_on_launch": "false",
                            "tags.%": "5",
                            "tags.Name": "infra-pipeline-public-subnet",
                            "tags.account_name": "jive-ps-pipeline",
                            "tags.pipeline_phase": "infra-pipeline",
                            "tags.region": "us-west-2",
                            "tags.sla": "non-prod",
                            "vpc_id": "vpc-99338bfd"
                        },
                        "meta": {},
                        "tainted": false
                    },
                    "deposed": [],
                    "provider": ""
                },
                "aws_vpc.main": {
                    "type": "aws_vpc",
                    "depends_on": [],
                    "primary": {
                        "id": "vpc-99338bfd",
                        "attributes": {
                            "assign_generated_ipv6_cidr_block": "false",
                            "cidr_block": "10.127.57.0/24",
                            "default_network_acl_id": "acl-860692e2",
                            "default_route_table_id": "rtb-adb9d4c9",
                            "default_security_group_id": "sg-36c52d50",
                            "dhcp_options_id": "dopt-786d471d",
                            "enable_classiclink": "false",
                            "enable_dns_hostnames": "true",
                            "enable_dns_support": "true",
                            "id": "vpc-99338bfd",
                            "instance_tenancy": "default",
                            "main_route_table_id": "rtb-adb9d4c9",
                            "tags.%": "5",
                            "tags.Name": "infra-pipeline-vpc",
                            "tags.account_name": "jive-ps-pipeline",
                            "tags.pipeline_phase": "infra-pipeline",
                            "tags.region": "us-west-2",
                            "tags.sla": "non-prod"
                        },
                        "meta": {
                            "schema_version": "1"
                        },
                        "tainted": false
                    },
                    "deposed": [],
                    "provider": ""
                },
                "aws_vpn_gateway.vgw": {
                    "type": "aws_vpn_gateway",
                    "depends_on": [
                        "aws_vpc.main"
                    ],
                    "primary": {
                        "id": "vgw-d3d50ccd",
                        "attributes": {
                            "availability_zone": "",
                            "id": "vgw-d3d50ccd",
                            "tags.%": "7",
                            "tags.Name": "infra-pipeline-vgw",
                            "tags.account_name": "jive-ps-pipeline",
                            "tags.jive_service": "infrastructure",
                            "tags.pipeline_phase": "infra-pipeline",
                            "tags.region": "us-west-2",
                            "tags.service_component": "vpn_gateway",
                            "tags.sla": "non-prod",
                            "vpc_id": "vpc-99338bfd"
                        },
                        "meta": {},
                        "tainted": false
                    },
                    "deposed": [],
                    "provider": ""
                },
                "data.template_file.bastion_user_data": {
                    "type": "template_file",
                    "depends_on": [
                        "aws_network_interface.bastion"
                    ],
                    "primary": {
                        "id": "b613d88e5eec044ffe9541b56e9a92ed15a4a6c69d2d9fd80b33e3ed6db7dae2",
                        "attributes": {
                            "id": "b613d88e5eec044ffe9541b56e9a92ed15a4a6c69d2d9fd80b33e3ed6db7dae2",
                            "rendered": "#!/bin/bash\n\ndeclare -r instance_id=$(curl -s http://169.254.169.254/latest/meta-data/instance-id)\ndeclare -r bi=10.127.57.7\ndeclare -r bastion_gw=\"${bi%.*}.1\"\n\nfunction_prep() {\n    # Get pip for awscli\n    yum install -y epel-release\n    yum install -y python-pip\n    pip install awscli\n}\n\nfunction_eni() {\n    # Attached the ENI to the Bastion instance\n    /usr/bin/aws ec2 attach-network-interface   --region us-west-2 \\\n                                                --network-interface-id eni-ae145ce3 \\\n                                                --instance-id $instance_id \\\n                                                --device-index 1\n\n    # Give the ENI some time to get an IP and attach correctly\n    sleep 30\n}\n\nfunction_network() {\n    # Make eth1 the default route, set eth0 off, and set eth1 on, then restart the network\n    cat \u003c\u003cEOF \u003e /etc/sysconfig/network\nNETWORKING=yes\nNOZEROCONF=yes\nGATEWAY=$bastion_gw\nGATEWAYDEV=eth1\nEOF\n\n    cat \u003c\u003cEOF \u003e /etc/sysconfig/network-scripts/ifcfg-eth0\nDEVICE=\"eth0\"\nONBOOT=\"no\"\nEOF\n\n    cat \u003c\u003cEOF \u003e /etc/sysconfig/network-scripts/ifcfg-eth1\nDEVICE=eth1\nBOOTPROTO=static\nDHCPCLASS=\nIPADDR=10.127.57.7\nNETMASK=255.255.255.224\nONBOOT=yes\nEOF\n\n    systemctl restart network\n}\n\nfunction_nexus() {\n    # URL redirect fails without this entry\n    echo \"10.10.100.155 nexus-int.eng.jiveland.com\" \u003e\u003e /etc/hosts\n\n    # Script to download Ansible artifact from Nexus\n    cat \u003c\u003c'EOF' \u003e /tmp/get_nexus_artifact.sh\n#!/bin/bash\n# Argument = -h -v -i groupId:artifactId:version -c classifier -p packaging -r repository\n\n# Define Nexus Configuration\nNEXUS_BASE=nexus-int.eng.jiveland.com\nREST_PATH=/service/local\nART_REDIR=/artifact/maven/redirect\n\n# Read in Complete Set of Coordinates from the Command Line\nGROUP_ID=\nARTIFACT_ID=\nVERSION=\"LATEST\"\nCLASSIFIER=\"\"\nPACKAGING=tar.gz\nREPO=\"candidates\"\nVERBOSE=0\n\nwhile getopts \"hvi:c:p:\" OPTION\ndo\n     case $OPTION in\n         h)\n             usage\n             exit 1\n             ;;\n         i)\n\t     OIFS=$IFS\n             IFS=\":\"\n\t     GAV_COORD=( $OPTARG )\n\t     GROUP_ID=${GAV_COORD[0]}\n             ARTIFACT_ID=${GAV_COORD[1]}\n             VERSION=${GAV_COORD[2]}\n\t     IFS=$OIFS\n             ;;\n         c)\n             CLASSIFIER=$OPTARG\n             ;;\n         p)\n             PACKAGING=$OPTARG\n             ;;\n         v)\n             VERBOSE=1\n             ;;\n         ?)\n             usage\n             exit\n             ;;\n     esac\ndone\n\nif [[ -z $GROUP_ID ]] || [[ -z $ARTIFACT_ID ]] || [[ -z $VERSION ]]\nthen\n     echo \"BAD ARGUMENTS: Either groupId, artifactId, or version was not supplied\" \u003e\u00262\n     usage\n     exit 1\nfi\n\n# Construct the base URL\nREDIRECT_URL=${NEXUS_BASE}${REST_PATH}${ART_REDIR}\n\n# Generate the list of parameters\nPARAM_KEYS=( g a v r p c )\nPARAM_VALUES=( $GROUP_ID $ARTIFACT_ID $VERSION $REPO $PACKAGING $CLASSIFIER )\nPARAMS=\"\"\nfor index in ${!PARAM_KEYS[*]}\ndo\n  if [[ ${PARAM_VALUES[$index]} != \"\" ]]\n  then\n    PARAMS=\"${PARAMS}${PARAM_KEYS[$index]}=${PARAM_VALUES[$index]}\u0026\"\n  fi\ndone\n\nREDIRECT_URL=\"${REDIRECT_URL}?${PARAMS}\"\n\necho \"Fetching Artifact from $REDIRECT_URL...\" \u003e\u00262\ncurl -sS -L ${REDIRECT_URL}\nEOF\n    # Run script to download latest Ansible artifact and unpack\n    chmod +x /tmp/get_nexus_artifact.sh\n    /tmp/get_nexus_artifact.sh -i com.jivesoftware.techops:ansible-common:LATEST \u003e /tmp/ansible-common.tar.gz\n}\n\nfunction_ansible() {\n    # Need Sudo TTY\n    sed -i s/'Defaults    requiretty'/'#Defaults    requiretty'/ /etc/sudoers\n    # Disable SELINUX for SSSD\n    sed -i 's/^SELINUX=.*/SELINUX=disabled/' /etc/selinux/config\n    # Create Ansible working directories\n    mkdir -p /tmp/ansible-common\n    tar xf /tmp/ansible-common.tar.gz -C /tmp/ansible-common/\n    # Set Python to 2.6 and run Ansible locally\n    alternatives --set python /usr/bin/python2.6\n    yum install -y python-boto ansible\n\n    # Run Ansible\n    /tmp/ansible-common/bin/run_ansible.sh /tmp/ansible-common/playbook-bastion.yml -e region=us-west-2 --connection=local -i /tmp/ansible-common/inventory_ec2/ \u003e\u003e /tmp/ansible-common/ansible_debug.log\n\n    # Change permissions on Ansible artifact so that ansible deploy pipeline\n    # can overwrite them in the future\n    chown -R ansible:service-users /tmp/ansible-common /tmp/ansible-common.tar.gz\n}\n\nfunction_restart() {\n    # Need to restart for SELINUX change.\n    shutdown -r now\n}\n\n# Run the things\nfunction_prep\nfunction_eni\nfunction_network\nfunction_nexus\nfunction_ansible\nfunction_restart\n",
                            "template": "#!/bin/bash\n\ndeclare -r instance_id=$(curl -s http://169.254.169.254/latest/meta-data/instance-id)\ndeclare -r bi=${bastion_ip}\ndeclare -r bastion_gw=\"$${bi%.*}.1\"\n\nfunction_prep() {\n    # Get pip for awscli\n    yum install -y epel-release\n    yum install -y python-pip\n    pip install awscli\n}\n\nfunction_eni() {\n    # Attached the ENI to the Bastion instance\n    /usr/bin/aws ec2 attach-network-interface   --region ${region} \\\n                                                --network-interface-id ${eni} \\\n                                                --instance-id $instance_id \\\n                                                --device-index 1\n\n    # Give the ENI some time to get an IP and attach correctly\n    sleep 30\n}\n\nfunction_network() {\n    # Make eth1 the default route, set eth0 off, and set eth1 on, then restart the network\n    cat \u003c\u003cEOF \u003e /etc/sysconfig/network\nNETWORKING=yes\nNOZEROCONF=yes\nGATEWAY=$bastion_gw\nGATEWAYDEV=eth1\nEOF\n\n    cat \u003c\u003cEOF \u003e /etc/sysconfig/network-scripts/ifcfg-eth0\nDEVICE=\"eth0\"\nONBOOT=\"no\"\nEOF\n\n    cat \u003c\u003cEOF \u003e /etc/sysconfig/network-scripts/ifcfg-eth1\nDEVICE=eth1\nBOOTPROTO=static\nDHCPCLASS=\nIPADDR=${bastion_ip}\nNETMASK=255.255.255.224\nONBOOT=yes\nEOF\n\n    systemctl restart network\n}\n\nfunction_nexus() {\n    # URL redirect fails without this entry\n    echo \"10.10.100.155 nexus-int.eng.jiveland.com\" \u003e\u003e /etc/hosts\n\n    # Script to download Ansible artifact from Nexus\n    cat \u003c\u003c'EOF' \u003e /tmp/get_nexus_artifact.sh\n#!/bin/bash\n# Argument = -h -v -i groupId:artifactId:version -c classifier -p packaging -r repository\n\n# Define Nexus Configuration\nNEXUS_BASE=nexus-int.eng.jiveland.com\nREST_PATH=/service/local\nART_REDIR=/artifact/maven/redirect\n\n# Read in Complete Set of Coordinates from the Command Line\nGROUP_ID=\nARTIFACT_ID=\nVERSION=\"LATEST\"\nCLASSIFIER=\"\"\nPACKAGING=tar.gz\nREPO=\"candidates\"\nVERBOSE=0\n\nwhile getopts \"hvi:c:p:\" OPTION\ndo\n     case $OPTION in\n         h)\n             usage\n             exit 1\n             ;;\n         i)\n\t     OIFS=$IFS\n             IFS=\":\"\n\t     GAV_COORD=( $OPTARG )\n\t     GROUP_ID=$${GAV_COORD[0]}\n             ARTIFACT_ID=$${GAV_COORD[1]}\n             VERSION=$${GAV_COORD[2]}\n\t     IFS=$OIFS\n             ;;\n         c)\n             CLASSIFIER=$OPTARG\n             ;;\n         p)\n             PACKAGING=$OPTARG\n             ;;\n         v)\n             VERBOSE=1\n             ;;\n         ?)\n             usage\n             exit\n             ;;\n     esac\ndone\n\nif [[ -z $GROUP_ID ]] || [[ -z $ARTIFACT_ID ]] || [[ -z $VERSION ]]\nthen\n     echo \"BAD ARGUMENTS: Either groupId, artifactId, or version was not supplied\" \u003e\u00262\n     usage\n     exit 1\nfi\n\n# Construct the base URL\nREDIRECT_URL=$${NEXUS_BASE}$${REST_PATH}$${ART_REDIR}\n\n# Generate the list of parameters\nPARAM_KEYS=( g a v r p c )\nPARAM_VALUES=( $GROUP_ID $ARTIFACT_ID $VERSION $REPO $PACKAGING $CLASSIFIER )\nPARAMS=\"\"\nfor index in $${!PARAM_KEYS[*]}\ndo\n  if [[ $${PARAM_VALUES[$index]} != \"\" ]]\n  then\n    PARAMS=\"$${PARAMS}$${PARAM_KEYS[$index]}=$${PARAM_VALUES[$index]}\u0026\"\n  fi\ndone\n\nREDIRECT_URL=\"$${REDIRECT_URL}?$${PARAMS}\"\n\necho \"Fetching Artifact from $REDIRECT_URL...\" \u003e\u00262\ncurl -sS -L $${REDIRECT_URL}\nEOF\n    # Run script to download latest Ansible artifact and unpack\n    chmod +x /tmp/get_nexus_artifact.sh\n    /tmp/get_nexus_artifact.sh -i com.jivesoftware.techops:ansible-common:LATEST \u003e /tmp/ansible-common.tar.gz\n}\n\nfunction_ansible() {\n    # Need Sudo TTY\n    sed -i s/'Defaults    requiretty'/'#Defaults    requiretty'/ /etc/sudoers\n    # Disable SELINUX for SSSD\n    sed -i 's/^SELINUX=.*/SELINUX=disabled/' /etc/selinux/config\n    # Create Ansible working directories\n    mkdir -p /tmp/ansible-common\n    tar xf /tmp/ansible-common.tar.gz -C /tmp/ansible-common/\n    # Set Python to 2.6 and run Ansible locally\n    alternatives --set python /usr/bin/python2.6\n    yum install -y python-boto ansible\n\n    # Run Ansible\n    /tmp/ansible-common/bin/run_ansible.sh /tmp/ansible-common/playbook-bastion.yml -e region=${region} --connection=local -i /tmp/ansible-common/inventory_ec2/ \u003e\u003e /tmp/ansible-common/ansible_debug.log\n\n    # Change permissions on Ansible artifact so that ansible deploy pipeline\n    # can overwrite them in the future\n    chown -R ansible:service-users /tmp/ansible-common /tmp/ansible-common.tar.gz\n}\n\nfunction_restart() {\n    # Need to restart for SELINUX change.\n    shutdown -r now\n}\n\n# Run the things\nfunction_prep\nfunction_eni\nfunction_network\nfunction_nexus\nfunction_ansible\nfunction_restart\n",
                            "vars.%": "5",
                            "vars.account_name": "jive-ps-pipeline",
                            "vars.bastion_ip": "10.127.57.7",
                            "vars.eni": "eni-ae145ce3",
                            "vars.pipeline_phase": "infra-pipeline",
                            "vars.region": "us-west-2"
                        },
                        "meta": {},
                        "tainted": false
                    },
                    "deposed": [],
                    "provider": ""
                }
            },
            "depends_on": []
        }
    ]
}
