{
    "version": 3,
    "terraform_version": "0.9.4",
    "serial": 1,
    "lineage": "c8c277e6-669e-4977-b82e-07d8c6aa2756",
    "modules": [
        {
            "path": [
                "root"
            ],
            "outputs": {},
            "resources": {
                "aws_instance.test_node": {
                    "type": "aws_instance",
                    "depends_on": [],
                    "primary": {
                        "id": "i-0461f5f9f0c59d286",
                        "attributes": {
                            "ami": "ami-6d1c2007",
                            "associate_public_ip_address": "false",
                            "availability_zone": "us-east-1a",
                            "disable_api_termination": "false",
                            "ebs_block_device.#": "0",
                            "ebs_optimized": "false",
                            "ephemeral_block_device.#": "0",
                            "iam_instance_profile": "",
                            "id": "i-0461f5f9f0c59d286",
                            "instance_state": "running",
                            "instance_type": "t2.micro",
                            "ipv6_address_count": "0",
                            "ipv6_addresses.#": "0",
                            "key_name": "data-pipeline",
                            "monitoring": "false",
                            "network_interface.#": "0",
                            "network_interface_id": "eni-d6be9c05",
                            "primary_network_interface_id": "eni-d6be9c05",
                            "private_dns": "ip-10-123-16-43.ec2.internal",
                            "private_ip": "10.123.16.43",
                            "public_dns": "",
                            "public_ip": "",
                            "root_block_device.#": "1",
                            "root_block_device.0.delete_on_termination": "true",
                            "root_block_device.0.iops": "100",
                            "root_block_device.0.volume_size": "8",
                            "root_block_device.0.volume_type": "gp2",
                            "security_groups.#": "0",
                            "source_dest_check": "true",
                            "subnet_id": "subnet-e487c9ac",
                            "tags.%": "7",
                            "tags.Name": "integ-test-node",
                            "tags.account_name": "jive-data-pipeline",
                            "tags.jive_service": "infrastructure",
                            "tags.pipeline_phase": "integ",
                            "tags.region": "us-east-1",
                            "tags.service_component": "test-node",
                            "tags.sla": "non-prod",
                            "tenancy": "default",
                            "volume_tags.%": "0",
                            "vpc_security_group_ids.#": "1",
                            "vpc_security_group_ids.2002459111": "sg-dc1a5dad"
                        },
                        "meta": {
                            "schema_version": "1"
                        },
                        "tainted": false
                    },
                    "deposed": [],
                    "provider": ""
                }
            },
            "depends_on": []
        }
    ]
}
