{
    "version": 3,
    "terraform_version": "0.7.13",
    "serial": 26,
    "lineage": "cfebd7db-90b8-4cb6-a911-1d9e66070582",
    "modules": [
        {
            "path": [
                "root"
            ],
            "outputs": {},
            "resources": {
                "aws_autoscaling_group.k8s_etcd_asg.0": {
                    "type": "aws_autoscaling_group",
                    "depends_on": [
                        "aws_eip.k8s_etcd_eip",
                        "aws_launch_configuration.k8s_etcd",
                        "data.aws_subnet.natdc",
                        "null_resource.k8s_cluster"
                    ],
                    "primary": {
                        "id": "pipeline-k8s-etcd-asg1",
                        "attributes": {
                            "arn": "arn:aws:autoscaling:eu-central-1:811034720611:autoScalingGroup:63b0d1d0-b277-437b-ac83-b4a8f3059c09:autoScalingGroupName/pipeline-k8s-etcd-asg1",
                            "availability_zones.#": "1",
                            "availability_zones.1126047633": "eu-central-1a",
                            "default_cooldown": "300",
                            "desired_capacity": "1",
                            "force_delete": "false",
                            "health_check_grace_period": "300",
                            "health_check_type": "EC2",
                            "id": "pipeline-k8s-etcd-asg1",
                            "launch_configuration": "terraform-20170207231000435253997bcy",
                            "load_balancers.#": "0",
                            "max_size": "1",
                            "metrics_granularity": "1Minute",
                            "min_size": "1",
                            "name": "pipeline-k8s-etcd-asg1",
                            "placement_group": "",
                            "protect_from_scale_in": "false",
                            "tag.#": "10",
                            "tag.1402315469.key": "Jive_service",
                            "tag.1402315469.propagate_at_launch": "true",
                            "tag.1402315469.value": "eu-central-1_jive-microservices-pipeline",
                            "tag.228704704.key": "Region",
                            "tag.228704704.propagate_at_launch": "true",
                            "tag.228704704.value": "eu-central-1",
                            "tag.2957669699.key": "Pipeline_phase",
                            "tag.2957669699.propagate_at_launch": "true",
                            "tag.2957669699.value": "pipeline",
                            "tag.3187119633.key": "Service_component",
                            "tag.3187119633.propagate_at_launch": "true",
                            "tag.3187119633.value": "etcd",
                            "tag.3367551866.key": "KubernetesCluster",
                            "tag.3367551866.propagate_at_launch": "true",
                            "tag.3367551866.value": "eu-central-1_jive-microservices-pipeline",
                            "tag.3500988776.key": "Etcd_ip",
                            "tag.3500988776.propagate_at_launch": "true",
                            "tag.3500988776.value": "10.114.144.233",
                            "tag.3751733929.key": "Hostname",
                            "tag.3751733929.propagate_at_launch": "true",
                            "tag.3751733929.value": "eu-central-1_jive-microservices-pipeline-etcd1",
                            "tag.3767096825.key": "SLA",
                            "tag.3767096825.propagate_at_launch": "true",
                            "tag.3767096825.value": "non-prod",
                            "tag.423574262.key": "K8s_cluster",
                            "tag.423574262.propagate_at_launch": "true",
                            "tag.423574262.value": "eu-central-1_jive-microservices-pipeline",
                            "tag.528337943.key": "Name",
                            "tag.528337943.propagate_at_launch": "true",
                            "tag.528337943.value": "pipeline-k8s-etcd-instance",
                            "target_group_arns.#": "0",
                            "termination_policies.#": "0",
                            "vpc_zone_identifier.#": "1",
                            "vpc_zone_identifier.1189007197": "subnet-79489f11",
                            "wait_for_capacity_timeout": "10m"
                        },
                        "meta": {},
                        "tainted": false
                    },
                    "deposed": [],
                    "provider": ""
                },
                "aws_autoscaling_group.k8s_etcd_asg.1": {
                    "type": "aws_autoscaling_group",
                    "depends_on": [
                        "aws_eip.k8s_etcd_eip",
                        "aws_launch_configuration.k8s_etcd",
                        "data.aws_subnet.natdc",
                        "null_resource.k8s_cluster"
                    ],
                    "primary": {
                        "id": "pipeline-k8s-etcd-asg2",
                        "attributes": {
                            "arn": "arn:aws:autoscaling:eu-central-1:811034720611:autoScalingGroup:25ec57e5-fa05-4d0b-9183-24f321b7d45c:autoScalingGroupName/pipeline-k8s-etcd-asg2",
                            "availability_zones.#": "1",
                            "availability_zones.3658960427": "eu-central-1b",
                            "default_cooldown": "300",
                            "desired_capacity": "1",
                            "force_delete": "false",
                            "health_check_grace_period": "300",
                            "health_check_type": "EC2",
                            "id": "pipeline-k8s-etcd-asg2",
                            "launch_configuration": "terraform-20170207231000435253997bcy",
                            "load_balancers.#": "0",
                            "max_size": "1",
                            "metrics_granularity": "1Minute",
                            "min_size": "1",
                            "name": "pipeline-k8s-etcd-asg2",
                            "placement_group": "",
                            "protect_from_scale_in": "false",
                            "tag.#": "10",
                            "tag.1402315469.key": "Jive_service",
                            "tag.1402315469.propagate_at_launch": "true",
                            "tag.1402315469.value": "eu-central-1_jive-microservices-pipeline",
                            "tag.228704704.key": "Region",
                            "tag.228704704.propagate_at_launch": "true",
                            "tag.228704704.value": "eu-central-1",
                            "tag.2957669699.key": "Pipeline_phase",
                            "tag.2957669699.propagate_at_launch": "true",
                            "tag.2957669699.value": "pipeline",
                            "tag.3187119633.key": "Service_component",
                            "tag.3187119633.propagate_at_launch": "true",
                            "tag.3187119633.value": "etcd",
                            "tag.3367551866.key": "KubernetesCluster",
                            "tag.3367551866.propagate_at_launch": "true",
                            "tag.3367551866.value": "eu-central-1_jive-microservices-pipeline",
                            "tag.3457228118.key": "Etcd_ip",
                            "tag.3457228118.propagate_at_launch": "true",
                            "tag.3457228118.value": "10.114.151.237",
                            "tag.3767096825.key": "SLA",
                            "tag.3767096825.propagate_at_launch": "true",
                            "tag.3767096825.value": "non-prod",
                            "tag.4000772148.key": "Hostname",
                            "tag.4000772148.propagate_at_launch": "true",
                            "tag.4000772148.value": "eu-central-1_jive-microservices-pipeline-etcd2",
                            "tag.423574262.key": "K8s_cluster",
                            "tag.423574262.propagate_at_launch": "true",
                            "tag.423574262.value": "eu-central-1_jive-microservices-pipeline",
                            "tag.528337943.key": "Name",
                            "tag.528337943.propagate_at_launch": "true",
                            "tag.528337943.value": "pipeline-k8s-etcd-instance",
                            "target_group_arns.#": "0",
                            "termination_policies.#": "0",
                            "vpc_zone_identifier.#": "1",
                            "vpc_zone_identifier.3127215893": "subnet-5647a32c",
                            "wait_for_capacity_timeout": "10m"
                        },
                        "meta": {},
                        "tainted": false
                    },
                    "deposed": [],
                    "provider": ""
                },
                "aws_autoscaling_group.k8s_etcd_asg.2": {
                    "type": "aws_autoscaling_group",
                    "depends_on": [
                        "aws_eip.k8s_etcd_eip",
                        "aws_launch_configuration.k8s_etcd",
                        "data.aws_subnet.natdc",
                        "null_resource.k8s_cluster"
                    ],
                    "primary": {
                        "id": "pipeline-k8s-etcd-asg3",
                        "attributes": {
                            "arn": "arn:aws:autoscaling:eu-central-1:811034720611:autoScalingGroup:ccba0088-5e45-4c1a-9a86-4ca74f3a15c5:autoScalingGroupName/pipeline-k8s-etcd-asg3",
                            "availability_zones.#": "1",
                            "availability_zones.1126047633": "eu-central-1a",
                            "default_cooldown": "300",
                            "desired_capacity": "1",
                            "force_delete": "false",
                            "health_check_grace_period": "300",
                            "health_check_type": "EC2",
                            "id": "pipeline-k8s-etcd-asg3",
                            "launch_configuration": "terraform-20170207231000435253997bcy",
                            "load_balancers.#": "0",
                            "max_size": "1",
                            "metrics_granularity": "1Minute",
                            "min_size": "1",
                            "name": "pipeline-k8s-etcd-asg3",
                            "placement_group": "",
                            "protect_from_scale_in": "false",
                            "tag.#": "10",
                            "tag.1208089472.key": "Hostname",
                            "tag.1208089472.propagate_at_launch": "true",
                            "tag.1208089472.value": "eu-central-1_jive-microservices-pipeline-etcd3",
                            "tag.1402315469.key": "Jive_service",
                            "tag.1402315469.propagate_at_launch": "true",
                            "tag.1402315469.value": "eu-central-1_jive-microservices-pipeline",
                            "tag.2056721866.key": "Etcd_ip",
                            "tag.2056721866.propagate_at_launch": "true",
                            "tag.2056721866.value": "10.114.145.136",
                            "tag.228704704.key": "Region",
                            "tag.228704704.propagate_at_launch": "true",
                            "tag.228704704.value": "eu-central-1",
                            "tag.2957669699.key": "Pipeline_phase",
                            "tag.2957669699.propagate_at_launch": "true",
                            "tag.2957669699.value": "pipeline",
                            "tag.3187119633.key": "Service_component",
                            "tag.3187119633.propagate_at_launch": "true",
                            "tag.3187119633.value": "etcd",
                            "tag.3367551866.key": "KubernetesCluster",
                            "tag.3367551866.propagate_at_launch": "true",
                            "tag.3367551866.value": "eu-central-1_jive-microservices-pipeline",
                            "tag.3767096825.key": "SLA",
                            "tag.3767096825.propagate_at_launch": "true",
                            "tag.3767096825.value": "non-prod",
                            "tag.423574262.key": "K8s_cluster",
                            "tag.423574262.propagate_at_launch": "true",
                            "tag.423574262.value": "eu-central-1_jive-microservices-pipeline",
                            "tag.528337943.key": "Name",
                            "tag.528337943.propagate_at_launch": "true",
                            "tag.528337943.value": "pipeline-k8s-etcd-instance",
                            "target_group_arns.#": "0",
                            "termination_policies.#": "0",
                            "vpc_zone_identifier.#": "1",
                            "vpc_zone_identifier.1189007197": "subnet-79489f11",
                            "wait_for_capacity_timeout": "10m"
                        },
                        "meta": {},
                        "tainted": false
                    },
                    "deposed": [],
                    "provider": ""
                },
                "aws_autoscaling_group.k8s_etcd_asg.3": {
                    "type": "aws_autoscaling_group",
                    "depends_on": [
                        "aws_eip.k8s_etcd_eip",
                        "aws_launch_configuration.k8s_etcd",
                        "data.aws_subnet.natdc",
                        "null_resource.k8s_cluster"
                    ],
                    "primary": {
                        "id": "pipeline-k8s-etcd-asg4",
                        "attributes": {
                            "arn": "arn:aws:autoscaling:eu-central-1:811034720611:autoScalingGroup:cbf9cd1b-14c0-4170-88c2-af42c688dd88:autoScalingGroupName/pipeline-k8s-etcd-asg4",
                            "availability_zones.#": "1",
                            "availability_zones.3658960427": "eu-central-1b",
                            "default_cooldown": "300",
                            "desired_capacity": "1",
                            "force_delete": "false",
                            "health_check_grace_period": "300",
                            "health_check_type": "EC2",
                            "id": "pipeline-k8s-etcd-asg4",
                            "launch_configuration": "terraform-20170207231000435253997bcy",
                            "load_balancers.#": "0",
                            "max_size": "1",
                            "metrics_granularity": "1Minute",
                            "min_size": "1",
                            "name": "pipeline-k8s-etcd-asg4",
                            "placement_group": "",
                            "protect_from_scale_in": "false",
                            "tag.#": "10",
                            "tag.100754411.key": "Etcd_ip",
                            "tag.100754411.propagate_at_launch": "true",
                            "tag.100754411.value": "10.114.148.206",
                            "tag.1402315469.key": "Jive_service",
                            "tag.1402315469.propagate_at_launch": "true",
                            "tag.1402315469.value": "eu-central-1_jive-microservices-pipeline",
                            "tag.228704704.key": "Region",
                            "tag.228704704.propagate_at_launch": "true",
                            "tag.228704704.value": "eu-central-1",
                            "tag.2376516878.key": "Hostname",
                            "tag.2376516878.propagate_at_launch": "true",
                            "tag.2376516878.value": "eu-central-1_jive-microservices-pipeline-etcd4",
                            "tag.2957669699.key": "Pipeline_phase",
                            "tag.2957669699.propagate_at_launch": "true",
                            "tag.2957669699.value": "pipeline",
                            "tag.3187119633.key": "Service_component",
                            "tag.3187119633.propagate_at_launch": "true",
                            "tag.3187119633.value": "etcd",
                            "tag.3367551866.key": "KubernetesCluster",
                            "tag.3367551866.propagate_at_launch": "true",
                            "tag.3367551866.value": "eu-central-1_jive-microservices-pipeline",
                            "tag.3767096825.key": "SLA",
                            "tag.3767096825.propagate_at_launch": "true",
                            "tag.3767096825.value": "non-prod",
                            "tag.423574262.key": "K8s_cluster",
                            "tag.423574262.propagate_at_launch": "true",
                            "tag.423574262.value": "eu-central-1_jive-microservices-pipeline",
                            "tag.528337943.key": "Name",
                            "tag.528337943.propagate_at_launch": "true",
                            "tag.528337943.value": "pipeline-k8s-etcd-instance",
                            "target_group_arns.#": "0",
                            "termination_policies.#": "0",
                            "vpc_zone_identifier.#": "1",
                            "vpc_zone_identifier.3127215893": "subnet-5647a32c",
                            "wait_for_capacity_timeout": "10m"
                        },
                        "meta": {},
                        "tainted": false
                    },
                    "deposed": [],
                    "provider": ""
                },
                "aws_autoscaling_group.k8s_etcd_asg.4": {
                    "type": "aws_autoscaling_group",
                    "depends_on": [
                        "aws_eip.k8s_etcd_eip",
                        "aws_launch_configuration.k8s_etcd",
                        "data.aws_subnet.natdc",
                        "null_resource.k8s_cluster"
                    ],
                    "primary": {
                        "id": "pipeline-k8s-etcd-asg5",
                        "attributes": {
                            "arn": "arn:aws:autoscaling:eu-central-1:811034720611:autoScalingGroup:4cf35bf5-9315-4d10-8440-cf34169c340c:autoScalingGroupName/pipeline-k8s-etcd-asg5",
                            "availability_zones.#": "1",
                            "availability_zones.1126047633": "eu-central-1a",
                            "default_cooldown": "300",
                            "desired_capacity": "1",
                            "force_delete": "false",
                            "health_check_grace_period": "300",
                            "health_check_type": "EC2",
                            "id": "pipeline-k8s-etcd-asg5",
                            "launch_configuration": "terraform-20170207231000435253997bcy",
                            "load_balancers.#": "0",
                            "max_size": "1",
                            "metrics_granularity": "1Minute",
                            "min_size": "1",
                            "name": "pipeline-k8s-etcd-asg5",
                            "placement_group": "",
                            "protect_from_scale_in": "false",
                            "tag.#": "10",
                            "tag.1402315469.key": "Jive_service",
                            "tag.1402315469.propagate_at_launch": "true",
                            "tag.1402315469.value": "eu-central-1_jive-microservices-pipeline",
                            "tag.1989971533.key": "Etcd_ip",
                            "tag.1989971533.propagate_at_launch": "true",
                            "tag.1989971533.value": "10.114.147.191",
                            "tag.228704704.key": "Region",
                            "tag.228704704.propagate_at_launch": "true",
                            "tag.228704704.value": "eu-central-1",
                            "tag.2957669699.key": "Pipeline_phase",
                            "tag.2957669699.propagate_at_launch": "true",
                            "tag.2957669699.value": "pipeline",
                            "tag.3187119633.key": "Service_component",
                            "tag.3187119633.propagate_at_launch": "true",
                            "tag.3187119633.value": "etcd",
                            "tag.3367551866.key": "KubernetesCluster",
                            "tag.3367551866.propagate_at_launch": "true",
                            "tag.3367551866.value": "eu-central-1_jive-microservices-pipeline",
                            "tag.3767096825.key": "SLA",
                            "tag.3767096825.propagate_at_launch": "true",
                            "tag.3767096825.value": "non-prod",
                            "tag.423574262.key": "K8s_cluster",
                            "tag.423574262.propagate_at_launch": "true",
                            "tag.423574262.value": "eu-central-1_jive-microservices-pipeline",
                            "tag.528337943.key": "Name",
                            "tag.528337943.propagate_at_launch": "true",
                            "tag.528337943.value": "pipeline-k8s-etcd-instance",
                            "tag.735170234.key": "Hostname",
                            "tag.735170234.propagate_at_launch": "true",
                            "tag.735170234.value": "eu-central-1_jive-microservices-pipeline-etcd5",
                            "target_group_arns.#": "0",
                            "termination_policies.#": "0",
                            "vpc_zone_identifier.#": "1",
                            "vpc_zone_identifier.1189007197": "subnet-79489f11",
                            "wait_for_capacity_timeout": "10m"
                        },
                        "meta": {},
                        "tainted": false
                    },
                    "deposed": [],
                    "provider": ""
                },
                "aws_autoscaling_group.k8s_etcd_asg.5": {
                    "type": "aws_autoscaling_group",
                    "depends_on": [
                        "aws_eip.k8s_etcd_eip",
                        "aws_launch_configuration.k8s_etcd",
                        "data.aws_subnet.natdc",
                        "null_resource.k8s_cluster"
                    ],
                    "primary": {
                        "id": "pipeline-k8s-etcd-asg6",
                        "attributes": {
                            "arn": "arn:aws:autoscaling:eu-central-1:811034720611:autoScalingGroup:6174b74b-4c26-4af8-9413-8ae474dc6145:autoScalingGroupName/pipeline-k8s-etcd-asg6",
                            "availability_zones.#": "1",
                            "availability_zones.3658960427": "eu-central-1b",
                            "default_cooldown": "300",
                            "desired_capacity": "1",
                            "force_delete": "false",
                            "health_check_grace_period": "300",
                            "health_check_type": "EC2",
                            "id": "pipeline-k8s-etcd-asg6",
                            "launch_configuration": "terraform-20170207231000435253997bcy",
                            "load_balancers.#": "0",
                            "max_size": "1",
                            "metrics_granularity": "1Minute",
                            "min_size": "1",
                            "name": "pipeline-k8s-etcd-asg6",
                            "placement_group": "",
                            "protect_from_scale_in": "false",
                            "tag.#": "10",
                            "tag.1402315469.key": "Jive_service",
                            "tag.1402315469.propagate_at_launch": "true",
                            "tag.1402315469.value": "eu-central-1_jive-microservices-pipeline",
                            "tag.228704704.key": "Region",
                            "tag.228704704.propagate_at_launch": "true",
                            "tag.228704704.value": "eu-central-1",
                            "tag.2957669699.key": "Pipeline_phase",
                            "tag.2957669699.propagate_at_launch": "true",
                            "tag.2957669699.value": "pipeline",
                            "tag.3187119633.key": "Service_component",
                            "tag.3187119633.propagate_at_launch": "true",
                            "tag.3187119633.value": "etcd",
                            "tag.3367551866.key": "KubernetesCluster",
                            "tag.3367551866.propagate_at_launch": "true",
                            "tag.3367551866.value": "eu-central-1_jive-microservices-pipeline",
                            "tag.3767096825.key": "SLA",
                            "tag.3767096825.propagate_at_launch": "true",
                            "tag.3767096825.value": "non-prod",
                            "tag.423574262.key": "K8s_cluster",
                            "tag.423574262.propagate_at_launch": "true",
                            "tag.423574262.value": "eu-central-1_jive-microservices-pipeline",
                            "tag.439997479.key": "Hostname",
                            "tag.439997479.propagate_at_launch": "true",
                            "tag.439997479.value": "eu-central-1_jive-microservices-pipeline-etcd6",
                            "tag.528337943.key": "Name",
                            "tag.528337943.propagate_at_launch": "true",
                            "tag.528337943.value": "pipeline-k8s-etcd-instance",
                            "tag.959282833.key": "Etcd_ip",
                            "tag.959282833.propagate_at_launch": "true",
                            "tag.959282833.value": "10.114.148.57",
                            "target_group_arns.#": "0",
                            "termination_policies.#": "0",
                            "vpc_zone_identifier.#": "1",
                            "vpc_zone_identifier.3127215893": "subnet-5647a32c",
                            "wait_for_capacity_timeout": "10m"
                        },
                        "meta": {},
                        "tainted": false
                    },
                    "deposed": [],
                    "provider": ""
                },
                "aws_autoscaling_group.k8s_master": {
                    "type": "aws_autoscaling_group",
                    "depends_on": [
                        "aws_elb.k8s_master",
                        "aws_launch_configuration.k8s_master",
                        "null_resource.k8s_cluster"
                    ],
                    "primary": {
                        "id": "pipeline-k8s-master-asg1",
                        "attributes": {
                            "arn": "arn:aws:autoscaling:eu-central-1:811034720611:autoScalingGroup:5b019928-2c8b-47ec-bfe1-27a8332bd6c8:autoScalingGroupName/pipeline-k8s-master-asg1",
                            "availability_zones.#": "1",
                            "availability_zones.1126047633": "eu-central-1a",
                            "default_cooldown": "300",
                            "desired_capacity": "1",
                            "force_delete": "false",
                            "health_check_grace_period": "300",
                            "health_check_type": "EC2",
                            "id": "pipeline-k8s-master-asg1",
                            "launch_configuration": "terraform-20170207231000462879629y6o",
                            "load_balancers.#": "1",
                            "load_balancers.1572528977": "pipeline-k8s-master-elb",
                            "max_size": "1",
                            "metrics_granularity": "1Minute",
                            "min_size": "1",
                            "name": "pipeline-k8s-master-asg1",
                            "placement_group": "",
                            "protect_from_scale_in": "false",
                            "tag.#": "9",
                            "tag.114212053.key": "Name",
                            "tag.114212053.propagate_at_launch": "true",
                            "tag.114212053.value": "pipeline-k8s-master-instance",
                            "tag.1402315469.key": "Jive_service",
                            "tag.1402315469.propagate_at_launch": "true",
                            "tag.1402315469.value": "eu-central-1_jive-microservices-pipeline",
                            "tag.228704704.key": "Region",
                            "tag.228704704.propagate_at_launch": "true",
                            "tag.228704704.value": "eu-central-1",
                            "tag.2957669699.key": "Pipeline_phase",
                            "tag.2957669699.propagate_at_launch": "true",
                            "tag.2957669699.value": "pipeline",
                            "tag.3116370667.key": "Service_component",
                            "tag.3116370667.propagate_at_launch": "true",
                            "tag.3116370667.value": "k8s-master",
                            "tag.3190040288.key": "Hostname",
                            "tag.3190040288.propagate_at_launch": "true",
                            "tag.3190040288.value": "eu-central-1_jive-microservices-pipeline-master1",
                            "tag.3367551866.key": "KubernetesCluster",
                            "tag.3367551866.propagate_at_launch": "true",
                            "tag.3367551866.value": "eu-central-1_jive-microservices-pipeline",
                            "tag.3767096825.key": "SLA",
                            "tag.3767096825.propagate_at_launch": "true",
                            "tag.3767096825.value": "non-prod",
                            "tag.423574262.key": "K8s_cluster",
                            "tag.423574262.propagate_at_launch": "true",
                            "tag.423574262.value": "eu-central-1_jive-microservices-pipeline",
                            "target_group_arns.#": "0",
                            "termination_policies.#": "0",
                            "vpc_zone_identifier.#": "1",
                            "vpc_zone_identifier.1189007197": "subnet-79489f11",
                            "wait_for_capacity_timeout": "10m"
                        },
                        "meta": {},
                        "tainted": false
                    },
                    "deposed": [],
                    "provider": ""
                },
                "aws_autoscaling_group.k8s_worker_asg.0": {
                    "type": "aws_autoscaling_group",
                    "depends_on": [
                        "aws_launch_configuration.k8s_worker",
                        "null_resource.k8s_cluster"
                    ],
                    "primary": {
                        "id": "pipeline-k8s-worker-asg1",
                        "attributes": {
                            "arn": "arn:aws:autoscaling:eu-central-1:811034720611:autoScalingGroup:3a45c2a2-69ae-4c79-8e12-da039bd95674:autoScalingGroupName/pipeline-k8s-worker-asg1",
                            "availability_zones.#": "1",
                            "availability_zones.1126047633": "eu-central-1a",
                            "default_cooldown": "300",
                            "desired_capacity": "2",
                            "force_delete": "false",
                            "health_check_grace_period": "300",
                            "health_check_type": "EC2",
                            "id": "pipeline-k8s-worker-asg1",
                            "launch_configuration": "terraform-20170207231000407357286wt3",
                            "load_balancers.#": "0",
                            "max_size": "6",
                            "metrics_granularity": "1Minute",
                            "min_size": "2",
                            "name": "pipeline-k8s-worker-asg1",
                            "placement_group": "",
                            "protect_from_scale_in": "false",
                            "tag.#": "9",
                            "tag.1402315469.key": "Jive_service",
                            "tag.1402315469.propagate_at_launch": "true",
                            "tag.1402315469.value": "eu-central-1_jive-microservices-pipeline",
                            "tag.2157698622.key": "Hostname",
                            "tag.2157698622.propagate_at_launch": "true",
                            "tag.2157698622.value": "k8s-node1",
                            "tag.228639812.key": "Service_component",
                            "tag.228639812.propagate_at_launch": "true",
                            "tag.228639812.value": "k8s-node",
                            "tag.228704704.key": "Region",
                            "tag.228704704.propagate_at_launch": "true",
                            "tag.228704704.value": "eu-central-1",
                            "tag.2598016381.key": "Name",
                            "tag.2598016381.propagate_at_launch": "true",
                            "tag.2598016381.value": "pipeline-k8s-worker-instance",
                            "tag.2957669699.key": "Pipeline_phase",
                            "tag.2957669699.propagate_at_launch": "true",
                            "tag.2957669699.value": "pipeline",
                            "tag.3367551866.key": "KubernetesCluster",
                            "tag.3367551866.propagate_at_launch": "true",
                            "tag.3367551866.value": "eu-central-1_jive-microservices-pipeline",
                            "tag.3767096825.key": "SLA",
                            "tag.3767096825.propagate_at_launch": "true",
                            "tag.3767096825.value": "non-prod",
                            "tag.423574262.key": "K8s_cluster",
                            "tag.423574262.propagate_at_launch": "true",
                            "tag.423574262.value": "eu-central-1_jive-microservices-pipeline",
                            "target_group_arns.#": "0",
                            "termination_policies.#": "0",
                            "vpc_zone_identifier.#": "1",
                            "vpc_zone_identifier.1189007197": "subnet-79489f11",
                            "wait_for_capacity_timeout": "10m"
                        },
                        "meta": {},
                        "tainted": false
                    },
                    "deposed": [],
                    "provider": ""
                },
                "aws_autoscaling_group.k8s_worker_asg.1": {
                    "type": "aws_autoscaling_group",
                    "depends_on": [
                        "aws_launch_configuration.k8s_worker",
                        "null_resource.k8s_cluster"
                    ],
                    "primary": {
                        "id": "pipeline-k8s-worker-asg2",
                        "attributes": {
                            "arn": "arn:aws:autoscaling:eu-central-1:811034720611:autoScalingGroup:e8fafcdb-189c-4519-a67f-b4a0b56a4aa9:autoScalingGroupName/pipeline-k8s-worker-asg2",
                            "availability_zones.#": "1",
                            "availability_zones.3658960427": "eu-central-1b",
                            "default_cooldown": "300",
                            "desired_capacity": "2",
                            "force_delete": "false",
                            "health_check_grace_period": "300",
                            "health_check_type": "EC2",
                            "id": "pipeline-k8s-worker-asg2",
                            "launch_configuration": "terraform-20170207231000407357286wt3",
                            "load_balancers.#": "0",
                            "max_size": "6",
                            "metrics_granularity": "1Minute",
                            "min_size": "2",
                            "name": "pipeline-k8s-worker-asg2",
                            "placement_group": "",
                            "protect_from_scale_in": "false",
                            "tag.#": "9",
                            "tag.1402315469.key": "Jive_service",
                            "tag.1402315469.propagate_at_launch": "true",
                            "tag.1402315469.value": "eu-central-1_jive-microservices-pipeline",
                            "tag.228639812.key": "Service_component",
                            "tag.228639812.propagate_at_launch": "true",
                            "tag.228639812.value": "k8s-node",
                            "tag.228704704.key": "Region",
                            "tag.228704704.propagate_at_launch": "true",
                            "tag.228704704.value": "eu-central-1",
                            "tag.2598016381.key": "Name",
                            "tag.2598016381.propagate_at_launch": "true",
                            "tag.2598016381.value": "pipeline-k8s-worker-instance",
                            "tag.2957669699.key": "Pipeline_phase",
                            "tag.2957669699.propagate_at_launch": "true",
                            "tag.2957669699.value": "pipeline",
                            "tag.2977154211.key": "Hostname",
                            "tag.2977154211.propagate_at_launch": "true",
                            "tag.2977154211.value": "k8s-node2",
                            "tag.3367551866.key": "KubernetesCluster",
                            "tag.3367551866.propagate_at_launch": "true",
                            "tag.3367551866.value": "eu-central-1_jive-microservices-pipeline",
                            "tag.3767096825.key": "SLA",
                            "tag.3767096825.propagate_at_launch": "true",
                            "tag.3767096825.value": "non-prod",
                            "tag.423574262.key": "K8s_cluster",
                            "tag.423574262.propagate_at_launch": "true",
                            "tag.423574262.value": "eu-central-1_jive-microservices-pipeline",
                            "target_group_arns.#": "0",
                            "termination_policies.#": "0",
                            "vpc_zone_identifier.#": "1",
                            "vpc_zone_identifier.3127215893": "subnet-5647a32c",
                            "wait_for_capacity_timeout": "10m"
                        },
                        "meta": {},
                        "tainted": false
                    },
                    "deposed": [],
                    "provider": ""
                },
                "aws_ebs_volume.k8s_etcd_ebs.0": {
                    "type": "aws_ebs_volume",
                    "depends_on": [
                        "data.aws_availability_zones.available",
                        "null_resource.k8s_cluster"
                    ],
                    "primary": {
                        "id": "vol-c8105542",
                        "attributes": {
                            "availability_zone": "eu-central-1a",
                            "encrypted": "true",
                            "id": "vol-c8105542",
                            "kms_key_id": "arn:aws:kms:eu-central-1:811034720611:key/aa3fa506-22c8-45ad-ae42-407b0200443b",
                            "size": "20",
                            "snapshot_id": "",
                            "tags.%": "7",
                            "tags.Hostname": "eu-central-1_jive-microservices-pipeline-etcd1",
                            "tags.Jive_service": "eu-central-1_jive-microservices-pipeline",
                            "tags.Name": "pipeline-k8s_etcd-instance",
                            "tags.Pipeline_phase": "pipeline",
                            "tags.Region": "eu-central-1",
                            "tags.SLA": "non-prod",
                            "tags.Service_component": "etcd",
                            "type": "gp2"
                        },
                        "meta": {},
                        "tainted": false
                    },
                    "deposed": [],
                    "provider": ""
                },
                "aws_ebs_volume.k8s_etcd_ebs.1": {
                    "type": "aws_ebs_volume",
                    "depends_on": [
                        "data.aws_availability_zones.available",
                        "null_resource.k8s_cluster"
                    ],
                    "primary": {
                        "id": "vol-30b34b8d",
                        "attributes": {
                            "availability_zone": "eu-central-1b",
                            "encrypted": "true",
                            "id": "vol-30b34b8d",
                            "kms_key_id": "arn:aws:kms:eu-central-1:811034720611:key/aa3fa506-22c8-45ad-ae42-407b0200443b",
                            "size": "20",
                            "snapshot_id": "",
                            "tags.%": "7",
                            "tags.Hostname": "eu-central-1_jive-microservices-pipeline-etcd2",
                            "tags.Jive_service": "eu-central-1_jive-microservices-pipeline",
                            "tags.Name": "pipeline-k8s_etcd-instance",
                            "tags.Pipeline_phase": "pipeline",
                            "tags.Region": "eu-central-1",
                            "tags.SLA": "non-prod",
                            "tags.Service_component": "etcd",
                            "type": "gp2"
                        },
                        "meta": {},
                        "tainted": false
                    },
                    "deposed": [],
                    "provider": ""
                },
                "aws_ebs_volume.k8s_etcd_ebs.2": {
                    "type": "aws_ebs_volume",
                    "depends_on": [
                        "data.aws_availability_zones.available",
                        "null_resource.k8s_cluster"
                    ],
                    "primary": {
                        "id": "vol-04243b2320e1e97c4",
                        "attributes": {
                            "availability_zone": "eu-central-1a",
                            "encrypted": "true",
                            "id": "vol-04243b2320e1e97c4",
                            "kms_key_id": "arn:aws:kms:eu-central-1:811034720611:key/aa3fa506-22c8-45ad-ae42-407b0200443b",
                            "size": "20",
                            "snapshot_id": "",
                            "tags.%": "7",
                            "tags.Hostname": "eu-central-1_jive-microservices-pipeline-etcd3",
                            "tags.Jive_service": "eu-central-1_jive-microservices-pipeline",
                            "tags.Name": "pipeline-k8s_etcd-instance",
                            "tags.Pipeline_phase": "pipeline",
                            "tags.Region": "eu-central-1",
                            "tags.SLA": "non-prod",
                            "tags.Service_component": "etcd",
                            "type": "gp2"
                        },
                        "meta": {},
                        "tainted": false
                    },
                    "deposed": [],
                    "provider": ""
                },
                "aws_ebs_volume.k8s_etcd_ebs.3": {
                    "type": "aws_ebs_volume",
                    "depends_on": [
                        "data.aws_availability_zones.available",
                        "null_resource.k8s_cluster"
                    ],
                    "primary": {
                        "id": "vol-0ad83a925bdee9df2",
                        "attributes": {
                            "availability_zone": "eu-central-1b",
                            "encrypted": "true",
                            "id": "vol-0ad83a925bdee9df2",
                            "kms_key_id": "arn:aws:kms:eu-central-1:811034720611:key/aa3fa506-22c8-45ad-ae42-407b0200443b",
                            "size": "20",
                            "snapshot_id": "",
                            "tags.%": "7",
                            "tags.Hostname": "eu-central-1_jive-microservices-pipeline-etcd4",
                            "tags.Jive_service": "eu-central-1_jive-microservices-pipeline",
                            "tags.Name": "pipeline-k8s_etcd-instance",
                            "tags.Pipeline_phase": "pipeline",
                            "tags.Region": "eu-central-1",
                            "tags.SLA": "non-prod",
                            "tags.Service_component": "etcd",
                            "type": "gp2"
                        },
                        "meta": {},
                        "tainted": false
                    },
                    "deposed": [],
                    "provider": ""
                },
                "aws_ebs_volume.k8s_etcd_ebs.4": {
                    "type": "aws_ebs_volume",
                    "depends_on": [
                        "data.aws_availability_zones.available",
                        "null_resource.k8s_cluster"
                    ],
                    "primary": {
                        "id": "vol-0b45d55af6b3088ab",
                        "attributes": {
                            "availability_zone": "eu-central-1a",
                            "encrypted": "true",
                            "id": "vol-0b45d55af6b3088ab",
                            "kms_key_id": "arn:aws:kms:eu-central-1:811034720611:key/aa3fa506-22c8-45ad-ae42-407b0200443b",
                            "size": "20",
                            "snapshot_id": "",
                            "tags.%": "7",
                            "tags.Hostname": "eu-central-1_jive-microservices-pipeline-etcd5",
                            "tags.Jive_service": "eu-central-1_jive-microservices-pipeline",
                            "tags.Name": "pipeline-k8s_etcd-instance",
                            "tags.Pipeline_phase": "pipeline",
                            "tags.Region": "eu-central-1",
                            "tags.SLA": "non-prod",
                            "tags.Service_component": "etcd",
                            "type": "gp2"
                        },
                        "meta": {},
                        "tainted": false
                    },
                    "deposed": [],
                    "provider": ""
                },
                "aws_ebs_volume.k8s_etcd_ebs.5": {
                    "type": "aws_ebs_volume",
                    "depends_on": [
                        "data.aws_availability_zones.available",
                        "null_resource.k8s_cluster"
                    ],
                    "primary": {
                        "id": "vol-0e3d3733678cd61bf",
                        "attributes": {
                            "availability_zone": "eu-central-1b",
                            "encrypted": "true",
                            "id": "vol-0e3d3733678cd61bf",
                            "kms_key_id": "arn:aws:kms:eu-central-1:811034720611:key/aa3fa506-22c8-45ad-ae42-407b0200443b",
                            "size": "20",
                            "snapshot_id": "",
                            "tags.%": "7",
                            "tags.Hostname": "eu-central-1_jive-microservices-pipeline-etcd6",
                            "tags.Jive_service": "eu-central-1_jive-microservices-pipeline",
                            "tags.Name": "pipeline-k8s_etcd-instance",
                            "tags.Pipeline_phase": "pipeline",
                            "tags.Region": "eu-central-1",
                            "tags.SLA": "non-prod",
                            "tags.Service_component": "etcd",
                            "type": "gp2"
                        },
                        "meta": {},
                        "tainted": false
                    },
                    "deposed": [],
                    "provider": ""
                },
                "aws_ebs_volume.k8s_master": {
                    "type": "aws_ebs_volume",
                    "depends_on": [
                        "null_resource.k8s_cluster"
                    ],
                    "primary": {
                        "id": "vol-e610556c",
                        "attributes": {
                            "availability_zone": "eu-central-1a",
                            "encrypted": "true",
                            "id": "vol-e610556c",
                            "kms_key_id": "arn:aws:kms:eu-central-1:811034720611:key/aa3fa506-22c8-45ad-ae42-407b0200443b",
                            "size": "100",
                            "snapshot_id": "",
                            "tags.%": "7",
                            "tags.Hostname": "eu-central-1_jive-microservices-pipeline-master1",
                            "tags.Jive_service": "eu-central-1_jive-microservices-pipeline",
                            "tags.Name": "pipeline-k8s_master-instance",
                            "tags.Pipeline_phase": "pipeline",
                            "tags.Region": "eu-central-1",
                            "tags.SLA": "non-prod",
                            "tags.Service_component": "k8s-master",
                            "type": "gp2"
                        },
                        "meta": {},
                        "tainted": false
                    },
                    "deposed": [],
                    "provider": ""
                },
                "aws_eip.k8s_etcd_eip.0": {
                    "type": "aws_eip",
                    "depends_on": [
                        "aws_network_interface.k8s_etcd"
                    ],
                    "primary": {
                        "id": "eipalloc-94d550fd",
                        "attributes": {
                            "association_id": "eipassoc-c5db49ad",
                            "domain": "vpc",
                            "id": "eipalloc-94d550fd",
                            "instance": "i-08aee0ee28e0da414",
                            "network_interface": "eni-45361c2f",
                            "private_ip": "10.114.144.233",
                            "public_ip": "52.57.11.117",
                            "vpc": "true"
                        },
                        "meta": {},
                        "tainted": false
                    },
                    "deposed": [],
                    "provider": ""
                },
                "aws_eip.k8s_etcd_eip.1": {
                    "type": "aws_eip",
                    "depends_on": [
                        "aws_network_interface.k8s_etcd"
                    ],
                    "primary": {
                        "id": "eipalloc-27d4514e",
                        "attributes": {
                            "association_id": "eipassoc-81db49e9",
                            "domain": "vpc",
                            "id": "eipalloc-27d4514e",
                            "instance": "i-033c0a1190b3e6fb5",
                            "network_interface": "eni-d922b1a5",
                            "private_ip": "10.114.151.237",
                            "public_ip": "52.57.23.20",
                            "vpc": "true"
                        },
                        "meta": {},
                        "tainted": false
                    },
                    "deposed": [],
                    "provider": ""
                },
                "aws_eip.k8s_etcd_eip.2": {
                    "type": "aws_eip",
                    "depends_on": [
                        "aws_network_interface.k8s_etcd"
                    ],
                    "primary": {
                        "id": "eipalloc-0bb6d862",
                        "attributes": {
                            "association_id": "eipassoc-ace60bc7",
                            "domain": "vpc",
                            "id": "eipalloc-0bb6d862",
                            "instance": "i-020051463eb823402",
                            "network_interface": "eni-6e845302",
                            "private_ip": "10.114.145.136",
                            "public_ip": "35.156.246.255",
                            "vpc": "true"
                        },
                        "meta": {},
                        "tainted": false
                    },
                    "deposed": [],
                    "provider": ""
                },
                "aws_eip.k8s_etcd_eip.3": {
                    "type": "aws_eip",
                    "depends_on": [
                        "aws_network_interface.k8s_etcd"
                    ],
                    "primary": {
                        "id": "eipalloc-25b7d94c",
                        "attributes": {
                            "association_id": "eipassoc-21e00d4a",
                            "domain": "vpc",
                            "id": "eipalloc-25b7d94c",
                            "instance": "i-08bcc8e5aa319123a",
                            "network_interface": "eni-9393b2ec",
                            "private_ip": "10.114.148.206",
                            "public_ip": "35.157.19.17",
                            "vpc": "true"
                        },
                        "meta": {},
                        "tainted": false
                    },
                    "deposed": [],
                    "provider": ""
                },
                "aws_eip.k8s_etcd_eip.4": {
                    "type": "aws_eip",
                    "depends_on": [
                        "aws_network_interface.k8s_etcd"
                    ],
                    "primary": {
                        "id": "eipalloc-08b6d861",
                        "attributes": {
                            "association_id": "eipassoc-ede10c86",
                            "domain": "vpc",
                            "id": "eipalloc-08b6d861",
                            "instance": "i-0c8cabd5645dba110",
                            "network_interface": "eni-2685524a",
                            "private_ip": "10.114.147.191",
                            "public_ip": "35.157.22.101",
                            "vpc": "true"
                        },
                        "meta": {},
                        "tainted": false
                    },
                    "deposed": [],
                    "provider": ""
                },
                "aws_eip.k8s_etcd_eip.5": {
                    "type": "aws_eip",
                    "depends_on": [
                        "aws_network_interface.k8s_etcd"
                    ],
                    "primary": {
                        "id": "eipalloc-24b7d94d",
                        "attributes": {
                            "association_id": "eipassoc-22e00d49",
                            "domain": "vpc",
                            "id": "eipalloc-24b7d94d",
                            "instance": "i-047c26734ddae9226",
                            "network_interface": "eni-5095b42f",
                            "private_ip": "10.114.148.57",
                            "public_ip": "35.157.8.53",
                            "vpc": "true"
                        },
                        "meta": {},
                        "tainted": false
                    },
                    "deposed": [],
                    "provider": ""
                },
                "aws_eip.k8s_master_eip": {
                    "type": "aws_eip",
                    "depends_on": [],
                    "primary": {
                        "id": "eipalloc-24d4514d",
                        "attributes": {
                            "association_id": "eipassoc-18a36c73",
                            "domain": "vpc",
                            "id": "eipalloc-24d4514d",
                            "instance": "i-0f39cdb25b97c11a6",
                            "network_interface": "eni-19c55875",
                            "private_ip": "10.114.145.219",
                            "public_ip": "52.28.124.227",
                            "vpc": "true"
                        },
                        "meta": {},
                        "tainted": false
                    },
                    "deposed": [],
                    "provider": ""
                },
                "aws_elb.k8s_master": {
                    "type": "aws_elb",
                    "depends_on": [
                        "aws_security_group.k8s_master_instance",
                        "null_resource.k8s_cluster"
                    ],
                    "primary": {
                        "id": "pipeline-k8s-master-elb",
                        "attributes": {
                            "access_logs.#": "0",
                            "availability_zones.#": "1",
                            "availability_zones.1126047633": "eu-central-1a",
                            "connection_draining": "false",
                            "connection_draining_timeout": "300",
                            "cross_zone_load_balancing": "true",
                            "dns_name": "internal-pipeline-k8s-master-elb-81483824.eu-central-1.elb.amazonaws.com",
                            "health_check.#": "1",
                            "health_check.0.healthy_threshold": "2",
                            "health_check.0.interval": "30",
                            "health_check.0.target": "TCP:443",
                            "health_check.0.timeout": "3",
                            "health_check.0.unhealthy_threshold": "2",
                            "id": "pipeline-k8s-master-elb",
                            "idle_timeout": "1800",
                            "instances.#": "1",
                            "instances.1688026552": "i-0f39cdb25b97c11a6",
                            "internal": "true",
                            "listener.#": "1",
                            "listener.610193557.instance_port": "443",
                            "listener.610193557.instance_protocol": "tcp",
                            "listener.610193557.lb_port": "443",
                            "listener.610193557.lb_protocol": "tcp",
                            "listener.610193557.ssl_certificate_id": "",
                            "name": "pipeline-k8s-master-elb",
                            "security_groups.#": "2",
                            "security_groups.3116049286": "sg-ada33ac5",
                            "security_groups.3167516232": "sg-efbf2387",
                            "source_security_group": "811034720611/pipeline-instance",
                            "source_security_group_id": "sg-efbf2387",
                            "subnets.#": "1",
                            "subnets.1189007197": "subnet-79489f11",
                            "tags.%": "7",
                            "tags.Hostname": "eu-central-1_jive-microservices-pipeline-master1",
                            "tags.Jive_service": "eu-central-1_jive-microservices-pipeline",
                            "tags.Name": "pipeline-k8s_master-elb",
                            "tags.Pipeline_phase": "pipeline",
                            "tags.Region": "eu-central-1",
                            "tags.SLA": "non-prod",
                            "tags.Service_component": "k8s-master",
                            "zone_id": "Z215JYRZR1TBD5"
                        },
                        "meta": {},
                        "tainted": false
                    },
                    "deposed": [],
                    "provider": ""
                },
                "aws_iam_instance_profile.k8s-master": {
                    "type": "aws_iam_instance_profile",
                    "depends_on": [
                        "aws_iam_role.k8s-master",
                        "null_resource.k8s_cluster"
                    ],
                    "primary": {
                        "id": "eu-central-1_jive-microservices-pipeline-k8s-master-profile",
                        "attributes": {
                            "arn": "arn:aws:iam::811034720611:instance-profile/eu-central-1_jive-microservices-pipeline-k8s-master-profile",
                            "id": "eu-central-1_jive-microservices-pipeline-k8s-master-profile",
                            "name": "eu-central-1_jive-microservices-pipeline-k8s-master-profile",
                            "path": "/",
                            "roles.#": "1",
                            "roles.2585461606": "eu-central-1_jive-microservices-pipeline-master-role"
                        },
                        "meta": {},
                        "tainted": false
                    },
                    "deposed": [],
                    "provider": ""
                },
                "aws_iam_instance_profile.k8s-node": {
                    "type": "aws_iam_instance_profile",
                    "depends_on": [
                        "aws_iam_role.k8s-node",
                        "null_resource.k8s_cluster"
                    ],
                    "primary": {
                        "id": "eu-central-1_jive-microservices-pipeline-k8s-node-profile",
                        "attributes": {
                            "arn": "arn:aws:iam::811034720611:instance-profile/eu-central-1_jive-microservices-pipeline-k8s-node-profile",
                            "id": "eu-central-1_jive-microservices-pipeline-k8s-node-profile",
                            "name": "eu-central-1_jive-microservices-pipeline-k8s-node-profile",
                            "path": "/",
                            "roles.#": "1",
                            "roles.1829382667": "eu-central-1_jive-microservices-pipeline-node-role"
                        },
                        "meta": {},
                        "tainted": false
                    },
                    "deposed": [],
                    "provider": ""
                },
                "aws_iam_role.k8s-master": {
                    "type": "aws_iam_role",
                    "depends_on": [
                        "null_resource.k8s_cluster"
                    ],
                    "primary": {
                        "id": "eu-central-1_jive-microservices-pipeline-master-role",
                        "attributes": {
                            "arn": "arn:aws:iam::811034720611:role/eu-central-1_jive-microservices-pipeline-master-role",
                            "assume_role_policy": "{\n    \"Version\": \"2012-10-17\",\n    \"Statement\": [\n        {\n            \"Action\": \"sts:AssumeRole\",\n            \"Principal\": {\n                \"Service\": \"ec2.amazonaws.com\"\n            },\n            \"Effect\": \"Allow\",\n            \"Sid\": \"\"\n        }\n    ]\n}\n",
                            "create_date": "2016-09-02T23:30:54Z",
                            "id": "eu-central-1_jive-microservices-pipeline-master-role",
                            "name": "eu-central-1_jive-microservices-pipeline-master-role",
                            "path": "/",
                            "unique_id": "AROAIAMEUDQ7O2FA3YQWS"
                        },
                        "meta": {},
                        "tainted": false
                    },
                    "deposed": [],
                    "provider": ""
                },
                "aws_iam_role.k8s-node": {
                    "type": "aws_iam_role",
                    "depends_on": [
                        "null_resource.k8s_cluster"
                    ],
                    "primary": {
                        "id": "eu-central-1_jive-microservices-pipeline-node-role",
                        "attributes": {
                            "arn": "arn:aws:iam::811034720611:role/eu-central-1_jive-microservices-pipeline-node-role",
                            "assume_role_policy": "{\n    \"Version\": \"2012-10-17\",\n    \"Statement\": [\n        {\n            \"Action\": \"sts:AssumeRole\",\n            \"Principal\": {\n                \"Service\": \"ec2.amazonaws.com\"\n            },\n            \"Effect\": \"Allow\",\n            \"Sid\": \"\"\n        }\n    ]\n}\n",
                            "create_date": "2016-09-02T23:30:54Z",
                            "id": "eu-central-1_jive-microservices-pipeline-node-role",
                            "name": "eu-central-1_jive-microservices-pipeline-node-role",
                            "path": "/",
                            "unique_id": "AROAI4STC7K54YXVDETIU"
                        },
                        "meta": {},
                        "tainted": false
                    },
                    "deposed": [],
                    "provider": ""
                },
                "aws_iam_role_policy.k8s-master": {
                    "type": "aws_iam_role_policy",
                    "depends_on": [
                        "aws_iam_role.k8s-master",
                        "null_resource.k8s_cluster"
                    ],
                    "primary": {
                        "id": "eu-central-1_jive-microservices-pipeline-master-role:eu-central-1_jive-microservices-pipeline-master-policy",
                        "attributes": {
                            "id": "eu-central-1_jive-microservices-pipeline-master-role:eu-central-1_jive-microservices-pipeline-master-policy",
                            "name": "eu-central-1_jive-microservices-pipeline-master-policy",
                            "policy": "{\n    \"Version\": \"2012-10-17\",\n    \"Statement\": [\n        {\n            \"Effect\": \"Allow\",\n            \"Action\": [\"ec2:*\"],\n            \"Resource\": [\"*\"]\n        },\n        {\n            \"Effect\": \"Allow\",\n            \"Action\": [\"elasticloadbalancing:*\"],\n            \"Resource\": [\"*\"]\n        },\n        {\n            \"Effect\": \"Allow\",\n            \"Action\": [\n                \"ec2:Describe*\",\n                \"ec2:AttachVolume\",\n                \"ec2:DetachVolume\",\n                \"route53:ListHostedZones\",\n                \"route53:ListResourceRecordSets\",\n                \"rds:Describe*\",\n                \"elasticache:Describe*\",\n                \"s3:GetObject\",\n                \"s3:ListAllMyBuckets\",\n                \"s3:ListBucket\",\n                \"s3:GetBucketLocation\"\n            ],\n            \"Resource\": \"*\"\n        }\n    ]\n}\n",
                            "role": "eu-central-1_jive-microservices-pipeline-master-role"
                        },
                        "meta": {},
                        "tainted": false
                    },
                    "deposed": [],
                    "provider": ""
                },
                "aws_iam_role_policy.k8s-node": {
                    "type": "aws_iam_role_policy",
                    "depends_on": [
                        "aws_iam_role.k8s-node",
                        "null_resource.k8s_cluster"
                    ],
                    "primary": {
                        "id": "eu-central-1_jive-microservices-pipeline-node-role:eu-central-1_jive-microservices-pipeline-node-policy",
                        "attributes": {
                            "id": "eu-central-1_jive-microservices-pipeline-node-role:eu-central-1_jive-microservices-pipeline-node-policy",
                            "name": "eu-central-1_jive-microservices-pipeline-node-policy",
                            "policy": "{\n    \"Version\": \"2012-10-17\",\n    \"Statement\": [\n        {\n            \"Effect\": \"Allow\",\n            \"Action\": [\n                \"ec2:Describe*\",\n                \"ec2:AttachVolume\",\n                \"ec2:DetachVolume\",\n                \"ec2:AttachNetworkInterface\",\n                \"ec2:DetachNetworkInterface\",\n                \"route53:ListHostedZones\",\n                \"route53:ListResourceRecordSets\",\n                \"rds:Describe*\",\n                \"elasticache:Describe*\",\n                \"s3:GetObject\",\n                \"s3:ListAllMyBuckets\",\n                \"s3:ListBucket\",\n                \"s3:PutObject\",\n                \"s3:CreateBucket\",\n                \"s3:GetBucketLocation\"\n            ],\n            \"Resource\": \"*\"\n        }\n    ]\n}\n",
                            "role": "eu-central-1_jive-microservices-pipeline-node-role"
                        },
                        "meta": {},
                        "tainted": false
                    },
                    "deposed": [],
                    "provider": ""
                },
                "aws_launch_configuration.k8s_etcd": {
                    "type": "aws_launch_configuration",
                    "depends_on": [
                        "aws_iam_instance_profile.k8s-node",
                        "aws_security_group.k8s_etcd_instance",
                        "data.template_file.cloud_config"
                    ],
                    "primary": {
                        "id": "terraform-20170207231000435253997bcy",
                        "attributes": {
                            "associate_public_ip_address": "false",
                            "ebs_block_device.#": "0",
                            "ebs_optimized": "false",
                            "enable_monitoring": "true",
                            "ephemeral_block_device.#": "0",
                            "iam_instance_profile": "eu-central-1_jive-microservices-pipeline-k8s-node-profile",
                            "id": "terraform-20170207231000435253997bcy",
                            "image_id": "ami-2e39c241",
                            "instance_type": "t2.medium",
                            "key_name": "microservices-pipeline",
                            "name": "terraform-20170207231000435253997bcy",
                            "root_block_device.#": "1",
                            "root_block_device.0.delete_on_termination": "true",
                            "root_block_device.0.iops": "0",
                            "root_block_device.0.volume_size": "20",
                            "root_block_device.0.volume_type": "gp2",
                            "security_groups.#": "2",
                            "security_groups.3167516232": "sg-efbf2387",
                            "security_groups.409353968": "sg-a4a33acc",
                            "spot_price": "",
                            "user_data": "4a998c8e0ccb2294a74884e13fd87992c8a9a33d",
                            "vpc_classic_link_id": "",
                            "vpc_classic_link_security_groups.#": "0"
                        },
                        "meta": {},
                        "tainted": false
                    },
                    "deposed": [],
                    "provider": ""
                },
                "aws_launch_configuration.k8s_master": {
                    "type": "aws_launch_configuration",
                    "depends_on": [
                        "aws_iam_instance_profile.k8s-master",
                        "aws_security_group.k8s_master_instance",
                        "data.template_file.cloud_config"
                    ],
                    "primary": {
                        "id": "terraform-20170207231000462879629y6o",
                        "attributes": {
                            "associate_public_ip_address": "false",
                            "ebs_block_device.#": "0",
                            "ebs_optimized": "false",
                            "enable_monitoring": "true",
                            "ephemeral_block_device.#": "0",
                            "iam_instance_profile": "eu-central-1_jive-microservices-pipeline-k8s-master-profile",
                            "id": "terraform-20170207231000462879629y6o",
                            "image_id": "ami-2e39c241",
                            "instance_type": "m4.large",
                            "key_name": "microservices-pipeline",
                            "name": "terraform-20170207231000462879629y6o",
                            "root_block_device.#": "1",
                            "root_block_device.0.delete_on_termination": "true",
                            "root_block_device.0.iops": "0",
                            "root_block_device.0.volume_size": "100",
                            "root_block_device.0.volume_type": "gp2",
                            "security_groups.#": "2",
                            "security_groups.3116049286": "sg-ada33ac5",
                            "security_groups.3167516232": "sg-efbf2387",
                            "spot_price": "",
                            "user_data": "4a998c8e0ccb2294a74884e13fd87992c8a9a33d",
                            "vpc_classic_link_id": "",
                            "vpc_classic_link_security_groups.#": "0"
                        },
                        "meta": {},
                        "tainted": false
                    },
                    "deposed": [],
                    "provider": ""
                },
                "aws_launch_configuration.k8s_worker": {
                    "type": "aws_launch_configuration",
                    "depends_on": [
                        "aws_iam_instance_profile.k8s-node",
                        "aws_security_group.k8s_worker_instance",
                        "data.template_file.cloud_config"
                    ],
                    "primary": {
                        "id": "terraform-20170207231000407357286wt3",
                        "attributes": {
                            "associate_public_ip_address": "false",
                            "ebs_block_device.#": "0",
                            "ebs_optimized": "false",
                            "enable_monitoring": "true",
                            "ephemeral_block_device.#": "0",
                            "iam_instance_profile": "eu-central-1_jive-microservices-pipeline-k8s-node-profile",
                            "id": "terraform-20170207231000407357286wt3",
                            "image_id": "ami-2e39c241",
                            "instance_type": "t2.medium",
                            "key_name": "microservices-pipeline",
                            "name": "terraform-20170207231000407357286wt3",
                            "root_block_device.#": "1",
                            "root_block_device.0.delete_on_termination": "true",
                            "root_block_device.0.iops": "0",
                            "root_block_device.0.volume_size": "50",
                            "root_block_device.0.volume_type": "gp2",
                            "security_groups.#": "2",
                            "security_groups.3167516232": "sg-efbf2387",
                            "security_groups.3252726205": "sg-a1a33ac9",
                            "spot_price": "",
                            "user_data": "4a998c8e0ccb2294a74884e13fd87992c8a9a33d",
                            "vpc_classic_link_id": "",
                            "vpc_classic_link_security_groups.#": "0"
                        },
                        "meta": {},
                        "tainted": false
                    },
                    "deposed": [],
                    "provider": ""
                },
                "aws_network_interface.k8s_etcd.0": {
                    "type": "aws_network_interface",
                    "depends_on": [
                        "aws_security_group.k8s_etcd_instance",
                        "data.aws_subnet.natdc",
                        "null_resource.k8s_cluster"
                    ],
                    "primary": {
                        "id": "eni-45361c2f",
                        "attributes": {
                            "attachment.#": "1",
                            "attachment.1674063707.attachment_id": "eni-attach-a0c3cecf",
                            "attachment.1674063707.device_index": "1",
                            "attachment.1674063707.instance": "i-08aee0ee28e0da414",
                            "description": "",
                            "id": "eni-45361c2f",
                            "private_ips.#": "1",
                            "private_ips.151567714": "10.114.144.233",
                            "security_groups.#": "2",
                            "security_groups.3167516232": "sg-efbf2387",
                            "security_groups.409353968": "sg-a4a33acc",
                            "source_dest_check": "true",
                            "subnet_id": "subnet-79489f11",
                            "tags.%": "8",
                            "tags.Hostname": "eu-central-1_jive-microservices-pipeline-etcd1",
                            "tags.Jive_service": "eu-central-1_jive-microservices-pipeline",
                            "tags.KubernetesCluster": "eu-central-1_jive-microservices-pipeline",
                            "tags.Name": "pipeline-k8s-etcd-instance",
                            "tags.Pipeline_phase": "pipeline",
                            "tags.Region": "eu-central-1",
                            "tags.SLA": "non-prod",
                            "tags.Service_component": "k8s-etcd"
                        },
                        "meta": {},
                        "tainted": false
                    },
                    "deposed": [],
                    "provider": ""
                },
                "aws_network_interface.k8s_etcd.1": {
                    "type": "aws_network_interface",
                    "depends_on": [
                        "aws_security_group.k8s_etcd_instance",
                        "data.aws_subnet.natdc",
                        "null_resource.k8s_cluster"
                    ],
                    "primary": {
                        "id": "eni-d922b1a5",
                        "attributes": {
                            "attachment.#": "1",
                            "attachment.831961503.attachment_id": "eni-attach-81410be0",
                            "attachment.831961503.device_index": "1",
                            "attachment.831961503.instance": "i-033c0a1190b3e6fb5",
                            "description": "",
                            "id": "eni-d922b1a5",
                            "private_ips.#": "1",
                            "private_ips.232334766": "10.114.151.237",
                            "security_groups.#": "2",
                            "security_groups.3167516232": "sg-efbf2387",
                            "security_groups.409353968": "sg-a4a33acc",
                            "source_dest_check": "true",
                            "subnet_id": "subnet-5647a32c",
                            "tags.%": "8",
                            "tags.Hostname": "eu-central-1_jive-microservices-pipeline-etcd2",
                            "tags.Jive_service": "eu-central-1_jive-microservices-pipeline",
                            "tags.KubernetesCluster": "eu-central-1_jive-microservices-pipeline",
                            "tags.Name": "pipeline-k8s-etcd-instance",
                            "tags.Pipeline_phase": "pipeline",
                            "tags.Region": "eu-central-1",
                            "tags.SLA": "non-prod",
                            "tags.Service_component": "k8s-etcd"
                        },
                        "meta": {},
                        "tainted": false
                    },
                    "deposed": [],
                    "provider": ""
                },
                "aws_network_interface.k8s_etcd.2": {
                    "type": "aws_network_interface",
                    "depends_on": [
                        "aws_security_group.k8s_etcd_instance",
                        "data.aws_subnet.natdc",
                        "null_resource.k8s_cluster"
                    ],
                    "primary": {
                        "id": "eni-6e845302",
                        "attributes": {
                            "attachment.#": "1",
                            "attachment.3934113269.attachment_id": "eni-attach-42ded32d",
                            "attachment.3934113269.device_index": "1",
                            "attachment.3934113269.instance": "i-020051463eb823402",
                            "description": "",
                            "id": "eni-6e845302",
                            "private_ips.#": "1",
                            "private_ips.1178918404": "10.114.145.136",
                            "security_groups.#": "2",
                            "security_groups.3167516232": "sg-efbf2387",
                            "security_groups.409353968": "sg-a4a33acc",
                            "source_dest_check": "true",
                            "subnet_id": "subnet-79489f11",
                            "tags.%": "8",
                            "tags.Hostname": "eu-central-1_jive-microservices-pipeline-etcd3",
                            "tags.Jive_service": "eu-central-1_jive-microservices-pipeline",
                            "tags.KubernetesCluster": "eu-central-1_jive-microservices-pipeline",
                            "tags.Name": "pipeline-k8s-etcd-instance",
                            "tags.Pipeline_phase": "pipeline",
                            "tags.Region": "eu-central-1",
                            "tags.SLA": "non-prod",
                            "tags.Service_component": "k8s-etcd"
                        },
                        "meta": {},
                        "tainted": false
                    },
                    "deposed": [],
                    "provider": ""
                },
                "aws_network_interface.k8s_etcd.3": {
                    "type": "aws_network_interface",
                    "depends_on": [
                        "aws_security_group.k8s_etcd_instance",
                        "data.aws_subnet.natdc",
                        "null_resource.k8s_cluster"
                    ],
                    "primary": {
                        "id": "eni-9393b2ec",
                        "attributes": {
                            "attachment.#": "1",
                            "attachment.3979550335.attachment_id": "eni-attach-1b42087a",
                            "attachment.3979550335.device_index": "1",
                            "attachment.3979550335.instance": "i-08bcc8e5aa319123a",
                            "description": "",
                            "id": "eni-9393b2ec",
                            "private_ips.#": "1",
                            "private_ips.2545940271": "10.114.148.206",
                            "security_groups.#": "2",
                            "security_groups.3167516232": "sg-efbf2387",
                            "security_groups.409353968": "sg-a4a33acc",
                            "source_dest_check": "true",
                            "subnet_id": "subnet-5647a32c",
                            "tags.%": "8",
                            "tags.Hostname": "eu-central-1_jive-microservices-pipeline-etcd4",
                            "tags.Jive_service": "eu-central-1_jive-microservices-pipeline",
                            "tags.KubernetesCluster": "eu-central-1_jive-microservices-pipeline",
                            "tags.Name": "pipeline-k8s-etcd-instance",
                            "tags.Pipeline_phase": "pipeline",
                            "tags.Region": "eu-central-1",
                            "tags.SLA": "non-prod",
                            "tags.Service_component": "k8s-etcd"
                        },
                        "meta": {},
                        "tainted": false
                    },
                    "deposed": [],
                    "provider": ""
                },
                "aws_network_interface.k8s_etcd.4": {
                    "type": "aws_network_interface",
                    "depends_on": [
                        "aws_security_group.k8s_etcd_instance",
                        "data.aws_subnet.natdc",
                        "null_resource.k8s_cluster"
                    ],
                    "primary": {
                        "id": "eni-2685524a",
                        "attributes": {
                            "attachment.#": "1",
                            "attachment.3165724418.attachment_id": "eni-attach-40c7ca2f",
                            "attachment.3165724418.device_index": "1",
                            "attachment.3165724418.instance": "i-0c8cabd5645dba110",
                            "description": "",
                            "id": "eni-2685524a",
                            "private_ips.#": "1",
                            "private_ips.1477439565": "10.114.147.191",
                            "security_groups.#": "2",
                            "security_groups.3167516232": "sg-efbf2387",
                            "security_groups.409353968": "sg-a4a33acc",
                            "source_dest_check": "true",
                            "subnet_id": "subnet-79489f11",
                            "tags.%": "8",
                            "tags.Hostname": "eu-central-1_jive-microservices-pipeline-etcd5",
                            "tags.Jive_service": "eu-central-1_jive-microservices-pipeline",
                            "tags.KubernetesCluster": "eu-central-1_jive-microservices-pipeline",
                            "tags.Name": "pipeline-k8s-etcd-instance",
                            "tags.Pipeline_phase": "pipeline",
                            "tags.Region": "eu-central-1",
                            "tags.SLA": "non-prod",
                            "tags.Service_component": "k8s-etcd"
                        },
                        "meta": {},
                        "tainted": false
                    },
                    "deposed": [],
                    "provider": ""
                },
                "aws_network_interface.k8s_etcd.5": {
                    "type": "aws_network_interface",
                    "depends_on": [
                        "aws_security_group.k8s_etcd_instance",
                        "data.aws_subnet.natdc",
                        "null_resource.k8s_cluster"
                    ],
                    "primary": {
                        "id": "eni-5095b42f",
                        "attributes": {
                            "attachment.#": "1",
                            "attachment.908409270.attachment_id": "eni-attach-205b1141",
                            "attachment.908409270.device_index": "1",
                            "attachment.908409270.instance": "i-047c26734ddae9226",
                            "description": "",
                            "id": "eni-5095b42f",
                            "private_ips.#": "1",
                            "private_ips.3009533055": "10.114.148.57",
                            "security_groups.#": "2",
                            "security_groups.3167516232": "sg-efbf2387",
                            "security_groups.409353968": "sg-a4a33acc",
                            "source_dest_check": "true",
                            "subnet_id": "subnet-5647a32c",
                            "tags.%": "8",
                            "tags.Hostname": "eu-central-1_jive-microservices-pipeline-etcd6",
                            "tags.Jive_service": "eu-central-1_jive-microservices-pipeline",
                            "tags.KubernetesCluster": "eu-central-1_jive-microservices-pipeline",
                            "tags.Name": "pipeline-k8s-etcd-instance",
                            "tags.Pipeline_phase": "pipeline",
                            "tags.Region": "eu-central-1",
                            "tags.SLA": "non-prod",
                            "tags.Service_component": "k8s-etcd"
                        },
                        "meta": {},
                        "tainted": false
                    },
                    "deposed": [],
                    "provider": ""
                },
                "aws_security_group.k8s_etcd_instance": {
                    "type": "aws_security_group",
                    "depends_on": [
                        "aws_security_group.k8s_master_instance",
                        "aws_security_group.k8s_worker_instance",
                        "null_resource.k8s_cluster"
                    ],
                    "primary": {
                        "id": "sg-a4a33acc",
                        "attributes": {
                            "description": "Access to K8S etcd nodes",
                            "egress.#": "0",
                            "id": "sg-a4a33acc",
                            "ingress.#": "2",
                            "ingress.1061287424.cidr_blocks.#": "0",
                            "ingress.1061287424.from_port": "2379",
                            "ingress.1061287424.protocol": "tcp",
                            "ingress.1061287424.security_groups.#": "2",
                            "ingress.1061287424.security_groups.3116049286": "sg-ada33ac5",
                            "ingress.1061287424.security_groups.3252726205": "sg-a1a33ac9",
                            "ingress.1061287424.self": "true",
                            "ingress.1061287424.to_port": "2379",
                            "ingress.456172698.cidr_blocks.#": "0",
                            "ingress.456172698.from_port": "2380",
                            "ingress.456172698.protocol": "tcp",
                            "ingress.456172698.security_groups.#": "2",
                            "ingress.456172698.security_groups.3116049286": "sg-ada33ac5",
                            "ingress.456172698.security_groups.3252726205": "sg-a1a33ac9",
                            "ingress.456172698.self": "true",
                            "ingress.456172698.to_port": "2380",
                            "name": "eu-central-1_jive-microservices-pipeline-kubernetes-etcd-instance",
                            "owner_id": "811034720611",
                            "tags.%": "6",
                            "tags.Name": "eu-central-1_jive-microservices-pipeline-etcd-instance",
                            "tags.jive_service": "k8s",
                            "tags.pipeline_phase": "pipeline",
                            "tags.region": "eu-central-1",
                            "tags.service_component": "k8s-etcd",
                            "tags.sla": "non-prod",
                            "vpc_id": "vpc-67120e0e"
                        },
                        "meta": {},
                        "tainted": false
                    },
                    "deposed": [],
                    "provider": ""
                },
                "aws_security_group.k8s_master_instance": {
                    "type": "aws_security_group",
                    "depends_on": [
                        "null_resource.k8s_cluster"
                    ],
                    "primary": {
                        "id": "sg-ada33ac5",
                        "attributes": {
                            "description": "Access to K8S Master nodes",
                            "egress.#": "0",
                            "id": "sg-ada33ac5",
                            "ingress.#": "3",
                            "ingress.1017416796.cidr_blocks.#": "0",
                            "ingress.1017416796.from_port": "0",
                            "ingress.1017416796.protocol": "-1",
                            "ingress.1017416796.security_groups.#": "1",
                            "ingress.1017416796.security_groups.3252726205": "sg-a1a33ac9",
                            "ingress.1017416796.self": "false",
                            "ingress.1017416796.to_port": "0",
                            "ingress.2885713073.cidr_blocks.#": "1",
                            "ingress.2885713073.cidr_blocks.0": "10.0.0.0/8",
                            "ingress.2885713073.from_port": "8080",
                            "ingress.2885713073.protocol": "tcp",
                            "ingress.2885713073.security_groups.#": "0",
                            "ingress.2885713073.self": "true",
                            "ingress.2885713073.to_port": "8080",
                            "ingress.691539513.cidr_blocks.#": "1",
                            "ingress.691539513.cidr_blocks.0": "10.0.0.0/8",
                            "ingress.691539513.from_port": "443",
                            "ingress.691539513.protocol": "tcp",
                            "ingress.691539513.security_groups.#": "0",
                            "ingress.691539513.self": "true",
                            "ingress.691539513.to_port": "443",
                            "name": "eu-central-1_jive-microservices-pipeline-master-instance",
                            "owner_id": "811034720611",
                            "tags.%": "6",
                            "tags.Name": "eu-central-1_jive-microservices-pipeline-master-instance",
                            "tags.jive_service": "k8s",
                            "tags.pipeline_phase": "pipeline",
                            "tags.region": "eu-central-1",
                            "tags.service_component": "k8s-master",
                            "tags.sla": "non-prod",
                            "vpc_id": "vpc-67120e0e"
                        },
                        "meta": {},
                        "tainted": false
                    },
                    "deposed": [],
                    "provider": ""
                },
                "aws_security_group.k8s_worker_instance": {
                    "type": "aws_security_group",
                    "depends_on": [
                        "aws_security_group.k8s_master_instance",
                        "null_resource.k8s_cluster"
                    ],
                    "primary": {
                        "id": "sg-a1a33ac9",
                        "attributes": {
                            "description": "Allow traffic to K8S worker nodes",
                            "egress.#": "0",
                            "id": "sg-a1a33ac9",
                            "ingress.#": "4",
                            "ingress.2822664995.cidr_blocks.#": "1",
                            "ingress.2822664995.cidr_blocks.0": "10.0.0.0/8",
                            "ingress.2822664995.from_port": "30001",
                            "ingress.2822664995.protocol": "tcp",
                            "ingress.2822664995.security_groups.#": "0",
                            "ingress.2822664995.self": "false",
                            "ingress.2822664995.to_port": "32767",
                            "ingress.3225716254.cidr_blocks.#": "0",
                            "ingress.3225716254.from_port": "0",
                            "ingress.3225716254.protocol": "-1",
                            "ingress.3225716254.security_groups.#": "2",
                            "ingress.3225716254.security_groups.271114072": "sg-ea520a82",
                            "ingress.3225716254.security_groups.647939585": "sg-4d037625",
                            "ingress.3225716254.self": "false",
                            "ingress.3225716254.to_port": "0",
                            "ingress.3409553927.cidr_blocks.#": "1",
                            "ingress.3409553927.cidr_blocks.0": "10.0.0.0/8",
                            "ingress.3409553927.from_port": "30000",
                            "ingress.3409553927.protocol": "tcp",
                            "ingress.3409553927.security_groups.#": "0",
                            "ingress.3409553927.self": "false",
                            "ingress.3409553927.to_port": "32767",
                            "ingress.738060579.cidr_blocks.#": "0",
                            "ingress.738060579.from_port": "0",
                            "ingress.738060579.protocol": "-1",
                            "ingress.738060579.security_groups.#": "1",
                            "ingress.738060579.security_groups.3116049286": "sg-ada33ac5",
                            "ingress.738060579.self": "true",
                            "ingress.738060579.to_port": "0",
                            "name": "eu-central-1_jive-microservices-pipeline-worker-instance",
                            "owner_id": "811034720611",
                            "tags.%": "7",
                            "tags.KubernetesCluster": "eu-central-1_jive-microservices-pipeline",
                            "tags.Name": "eu-central-1_jive-microservices-pipeline-worker-instance",
                            "tags.jive_service": "k8s",
                            "tags.pipeline_phase": "pipeline",
                            "tags.region": "eu-central-1",
                            "tags.service_component": "k8s-worker",
                            "tags.sla": "non-prod",
                            "vpc_id": "vpc-67120e0e"
                        },
                        "meta": {},
                        "tainted": false
                    },
                    "deposed": [],
                    "provider": ""
                },
                "aws_security_group_rule.k8s_master_instance": {
                    "type": "aws_security_group_rule",
                    "depends_on": [
                        "aws_security_group.k8s_master_instance",
                        "aws_security_group.k8s_worker_instance"
                    ],
                    "primary": {
                        "id": "sgrule-411953997",
                        "attributes": {
                            "cidr_blocks.#": "0",
                            "from_port": "0",
                            "id": "sgrule-411953997",
                            "prefix_list_ids.#": "0",
                            "protocol": "-1",
                            "security_group_id": "sg-ada33ac5",
                            "self": "false",
                            "source_security_group_id": "sg-a1a33ac9",
                            "to_port": "0",
                            "type": "ingress"
                        },
                        "meta": {
                            "schema_version": "2"
                        },
                        "tainted": false
                    },
                    "deposed": [],
                    "provider": ""
                },
                "aws_security_group_rule.k8s_worker_instance": {
                    "type": "aws_security_group_rule",
                    "depends_on": [
                        "aws_security_group.k8s_worker_instance"
                    ],
                    "primary": {
                        "id": "sgrule-2021357026",
                        "attributes": {
                            "cidr_blocks.#": "1",
                            "cidr_blocks.0": "10.0.0.0/8",
                            "from_port": "30000",
                            "id": "sgrule-2021357026",
                            "prefix_list_ids.#": "0",
                            "protocol": "tcp",
                            "security_group_id": "sg-a1a33ac9",
                            "self": "false",
                            "to_port": "32767",
                            "type": "ingress"
                        },
                        "meta": {
                            "schema_version": "2"
                        },
                        "tainted": false
                    },
                    "deposed": [],
                    "provider": ""
                },
                "data.aws_availability_zones.available": {
                    "type": "aws_availability_zones",
                    "depends_on": [],
                    "primary": {
                        "id": "2017-03-02 22:33:56.757044734 +0000 UTC",
                        "attributes": {
                            "id": "2017-03-02 22:33:56.757044734 +0000 UTC",
                            "names.#": "2",
                            "names.0": "eu-central-1a",
                            "names.1": "eu-central-1b"
                        },
                        "meta": {},
                        "tainted": false
                    },
                    "deposed": [],
                    "provider": ""
                },
                "data.aws_subnet.natdc.0": {
                    "type": "aws_subnet",
                    "depends_on": [
                        "data.aws_availability_zones.available"
                    ],
                    "primary": {
                        "id": "subnet-79489f11",
                        "attributes": {
                            "availability_zone": "eu-central-1a",
                            "cidr_block": "10.114.144.0/22",
                            "default_for_az": "false",
                            "id": "subnet-79489f11",
                            "state": "available",
                            "tags.%": "7",
                            "tags.KubernetesCluster": "eu-central-1_jive-microservices-pipeline",
                            "tags.Name": "pipeline-natdc-subnet",
                            "tags.account_name": "jive-microservices-pipeline",
                            "tags.kubernetes.io/role/internal-elb": "eu-central-1_jive-microservices-pipeline",
                            "tags.pipeline_phase": "pipeline",
                            "tags.region": "eu-central-1",
                            "tags.sla": "non-prod",
                            "vpc_id": "vpc-67120e0e"
                        },
                        "meta": {},
                        "tainted": false
                    },
                    "deposed": [],
                    "provider": ""
                },
                "data.aws_subnet.natdc.1": {
                    "type": "aws_subnet",
                    "depends_on": [
                        "data.aws_availability_zones.available"
                    ],
                    "primary": {
                        "id": "subnet-5647a32c",
                        "attributes": {
                            "availability_zone": "eu-central-1b",
                            "cidr_block": "10.114.148.0/22",
                            "default_for_az": "false",
                            "id": "subnet-5647a32c",
                            "state": "available",
                            "tags.%": "7",
                            "tags.KubernetesCluster": "eu-central-1_jive-microservices-pipeline",
                            "tags.Name": "pipeline-natdc-subnet",
                            "tags.account_name": "jive-microservices-pipeline",
                            "tags.kubernetes.io/role/internal-elb": "eu-central-1_jive-microservices-pipeline",
                            "tags.pipeline_phase": "pipeline",
                            "tags.region": "eu-central-1",
                            "tags.sla": "non-prod",
                            "vpc_id": "vpc-67120e0e"
                        },
                        "meta": {},
                        "tainted": false
                    },
                    "deposed": [],
                    "provider": ""
                },
                "data.aws_subnet.natdc.2": {
                    "type": "aws_subnet",
                    "depends_on": [
                        "data.aws_availability_zones.available"
                    ],
                    "primary": {
                        "id": "subnet-79489f11",
                        "attributes": {
                            "availability_zone": "eu-central-1a",
                            "cidr_block": "10.114.144.0/22",
                            "default_for_az": "false",
                            "id": "subnet-79489f11",
                            "state": "available",
                            "tags.%": "7",
                            "tags.KubernetesCluster": "eu-central-1_jive-microservices-pipeline",
                            "tags.Name": "pipeline-natdc-subnet",
                            "tags.account_name": "jive-microservices-pipeline",
                            "tags.kubernetes.io/role/internal-elb": "eu-central-1_jive-microservices-pipeline",
                            "tags.pipeline_phase": "pipeline",
                            "tags.region": "eu-central-1",
                            "tags.sla": "non-prod",
                            "vpc_id": "vpc-67120e0e"
                        },
                        "meta": {},
                        "tainted": false
                    },
                    "deposed": [],
                    "provider": ""
                },
                "data.aws_subnet.natdc.3": {
                    "type": "aws_subnet",
                    "depends_on": [
                        "data.aws_availability_zones.available"
                    ],
                    "primary": {
                        "id": "subnet-5647a32c",
                        "attributes": {
                            "availability_zone": "eu-central-1b",
                            "cidr_block": "10.114.148.0/22",
                            "default_for_az": "false",
                            "id": "subnet-5647a32c",
                            "state": "available",
                            "tags.%": "7",
                            "tags.KubernetesCluster": "eu-central-1_jive-microservices-pipeline",
                            "tags.Name": "pipeline-natdc-subnet",
                            "tags.account_name": "jive-microservices-pipeline",
                            "tags.kubernetes.io/role/internal-elb": "eu-central-1_jive-microservices-pipeline",
                            "tags.pipeline_phase": "pipeline",
                            "tags.region": "eu-central-1",
                            "tags.sla": "non-prod",
                            "vpc_id": "vpc-67120e0e"
                        },
                        "meta": {},
                        "tainted": false
                    },
                    "deposed": [],
                    "provider": ""
                },
                "data.aws_subnet.natdc.4": {
                    "type": "aws_subnet",
                    "depends_on": [
                        "data.aws_availability_zones.available"
                    ],
                    "primary": {
                        "id": "subnet-79489f11",
                        "attributes": {
                            "availability_zone": "eu-central-1a",
                            "cidr_block": "10.114.144.0/22",
                            "default_for_az": "false",
                            "id": "subnet-79489f11",
                            "state": "available",
                            "tags.%": "7",
                            "tags.KubernetesCluster": "eu-central-1_jive-microservices-pipeline",
                            "tags.Name": "pipeline-natdc-subnet",
                            "tags.account_name": "jive-microservices-pipeline",
                            "tags.kubernetes.io/role/internal-elb": "eu-central-1_jive-microservices-pipeline",
                            "tags.pipeline_phase": "pipeline",
                            "tags.region": "eu-central-1",
                            "tags.sla": "non-prod",
                            "vpc_id": "vpc-67120e0e"
                        },
                        "meta": {},
                        "tainted": false
                    },
                    "deposed": [],
                    "provider": ""
                },
                "data.aws_subnet.natdc.5": {
                    "type": "aws_subnet",
                    "depends_on": [
                        "data.aws_availability_zones.available"
                    ],
                    "primary": {
                        "id": "subnet-5647a32c",
                        "attributes": {
                            "availability_zone": "eu-central-1b",
                            "cidr_block": "10.114.148.0/22",
                            "default_for_az": "false",
                            "id": "subnet-5647a32c",
                            "state": "available",
                            "tags.%": "7",
                            "tags.KubernetesCluster": "eu-central-1_jive-microservices-pipeline",
                            "tags.Name": "pipeline-natdc-subnet",
                            "tags.account_name": "jive-microservices-pipeline",
                            "tags.kubernetes.io/role/internal-elb": "eu-central-1_jive-microservices-pipeline",
                            "tags.pipeline_phase": "pipeline",
                            "tags.region": "eu-central-1",
                            "tags.sla": "non-prod",
                            "vpc_id": "vpc-67120e0e"
                        },
                        "meta": {},
                        "tainted": false
                    },
                    "deposed": [],
                    "provider": ""
                },
                "data.template_file.cloud_config": {
                    "type": "template_file",
                    "depends_on": [
                        "aws_eip.k8s_master_eip",
                        "aws_elb.k8s_master",
                        "null_resource.k8s_cluster"
                    ],
                    "primary": {
                        "id": "f20b9126c070cd5d90d9fc765b5abf14de8070d781f620c85f0cb644ae2420ca",
                        "attributes": {
                            "id": "f20b9126c070cd5d90d9fc765b5abf14de8070d781f620c85f0cb644ae2420ca",
                            "rendered": "#cloud-config\ncoreos:\n  units:\n    - name: bootstrap.service\n      command: start\n      content: |\n        [Unit]\n        Requires=early-docker.service\n        After=early-docker.service\n        Description=Bootstraps the node\n        [Service]\n        Environment=\"DOCKER_HOST=unix:///var/run/early-docker.sock\"\n        Type=oneshot\n        RemainAfterExit=yes\n        ExecStart=/root/bootstrap.sh\n    - name: settimezone.service\n      command: start\n      content: |\n        [Unit]\n        Description=Set the timezone\n        [Service]\n        ExecStart=/usr/bin/timedatectl set-timezone UTC\n        RemainAfterExit=yes\n        Type=oneshot\n  update:\n    reboot-strategy: off\nssh_authorized_keys:\n  - ssh-rsa AAAAB3NzaC1yc2EAAAADAQABAAABAQDdUn7MngzRWLusJ+9S2MSibbJjkxV0fa5D6fUKJnGuYHxgL3vpMi+TLWRUIFv9tmBIxard8nS4/mNu6P0ENm5LmkAYPJngEMbCoQmpk89tbQIrlZrhr5FffP3fJfxzahEtYjEtNuBQuuMwrXN3hvuehVGWEu1lFG6WLYnejL0au2L4CJhCoV2g+b/uqTjsFVHhbGWvuazYL9SJmH2mWqEnbj2tj7goemU88bycisrMIvpKVWhu02KM2FUHgPwtoENi909LTpiD/y+3FzBwa7cpMNjmTmrzPbJTZ7gNNzSpPWHtCejE/B06+7lxSzbeRQP6q1Xb++bcVWODvh6qCb4b\nwrite_files:\n  - path: /root/bootstrap.sh\n    permissions: 0755\n    content: |\n      #!/usr/bin/bash\n      #\n      if [ -f /etc/coreos/update.conf ] ; then\n        rm  /etc/coreos/update.conf\n      fi\n\n      ARTIFACT_BOOTSTRAP_PREFIX=ansible-coreos-bootstrap\n      ARTIFACT_PREFIX=ansible-coreos\n      SERVER=10.160.70.25\n      ARTIFACT_PATH=orphans/ansible-coreos\n\n      # $KubernetesCluster is passed from terraform\n      ansible_build_artifact=\"${ARTIFACT_PREFIX}-eu-central-1_jive-microservices-pipeline\"\n\n      curl -s -o /var/tmp/${ARTIFACT_PREFIX}.tar.gz  http://${SERVER}/${ARTIFACT_PATH}/${ansible_build_artifact}.tar.gz\n      tar -xzf /var/tmp/${ARTIFACT_PREFIX}.tar.gz -C /srv\n\n      chmod +x /srv/ansible-coreos/inventory_ec2/ec2.py\n      bash -vx /srv/ansible-coreos/bin/run-ansible-container.sh\n\n      exit 0\nwrite_files:\n  - path: /etc/hosts\n    permissions: 0644\n    content: |\n      10.160.4.127 docker.phx1.jivehosted.com\n      10.160.70.25 pulp-slave\n# MASTER_EIP_ALLOC and ELB_NAME are passed from Terraform\n#MASTER_EIP_ALLOC:eipalloc-24d4514d\n#ELB_NAME:pipeline-k8s-master-elb\n",
                            "template": "#cloud-config\ncoreos:\n  units:\n    - name: bootstrap.service\n      command: start\n      content: |\n        [Unit]\n        Requires=early-docker.service\n        After=early-docker.service\n        Description=Bootstraps the node\n        [Service]\n        Environment=\"DOCKER_HOST=unix:///var/run/early-docker.sock\"\n        Type=oneshot\n        RemainAfterExit=yes\n        ExecStart=/root/bootstrap.sh\n    - name: settimezone.service\n      command: start\n      content: |\n        [Unit]\n        Description=Set the timezone\n        [Service]\n        ExecStart=/usr/bin/timedatectl set-timezone UTC\n        RemainAfterExit=yes\n        Type=oneshot\n  update:\n    reboot-strategy: off\nssh_authorized_keys:\n  - ssh-rsa AAAAB3NzaC1yc2EAAAADAQABAAABAQDdUn7MngzRWLusJ+9S2MSibbJjkxV0fa5D6fUKJnGuYHxgL3vpMi+TLWRUIFv9tmBIxard8nS4/mNu6P0ENm5LmkAYPJngEMbCoQmpk89tbQIrlZrhr5FffP3fJfxzahEtYjEtNuBQuuMwrXN3hvuehVGWEu1lFG6WLYnejL0au2L4CJhCoV2g+b/uqTjsFVHhbGWvuazYL9SJmH2mWqEnbj2tj7goemU88bycisrMIvpKVWhu02KM2FUHgPwtoENi909LTpiD/y+3FzBwa7cpMNjmTmrzPbJTZ7gNNzSpPWHtCejE/B06+7lxSzbeRQP6q1Xb++bcVWODvh6qCb4b\nwrite_files:\n  - path: /root/bootstrap.sh\n    permissions: 0755\n    content: |\n      #!/usr/bin/bash\n      #\n      if [ -f /etc/coreos/update.conf ] ; then\n        rm  /etc/coreos/update.conf\n      fi\n\n      ARTIFACT_BOOTSTRAP_PREFIX=ansible-coreos-bootstrap\n      ARTIFACT_PREFIX=ansible-coreos\n      SERVER=10.160.70.25\n      ARTIFACT_PATH=orphans/ansible-coreos\n\n      # $KubernetesCluster is passed from terraform\n      ansible_build_artifact=\"$${ARTIFACT_PREFIX}-${KubernetesCluster}\"\n\n      curl -s -o /var/tmp/$${ARTIFACT_PREFIX}.tar.gz  http://$${SERVER}/$${ARTIFACT_PATH}/$${ansible_build_artifact}.tar.gz\n      tar -xzf /var/tmp/$${ARTIFACT_PREFIX}.tar.gz -C /srv\n\n      chmod +x /srv/ansible-coreos/inventory_ec2/ec2.py\n      bash -vx /srv/ansible-coreos/bin/run-ansible-container.sh\n\n      exit 0\nwrite_files:\n  - path: /etc/hosts\n    permissions: 0644\n    content: |\n      10.160.4.127 docker.phx1.jivehosted.com\n      10.160.70.25 pulp-slave\n# MASTER_EIP_ALLOC and ELB_NAME are passed from Terraform\n#MASTER_EIP_ALLOC:${MASTER_EIP_ALLOC}\n#ELB_NAME:${ELB_NAME}\n",
                            "vars.%": "3",
                            "vars.ELB_NAME": "pipeline-k8s-master-elb",
                            "vars.KubernetesCluster": "eu-central-1_jive-microservices-pipeline",
                            "vars.MASTER_EIP_ALLOC": "eipalloc-24d4514d"
                        },
                        "meta": {},
                        "tainted": false
                    },
                    "deposed": [],
                    "provider": ""
                },
                "null_resource.k8s_cluster": {
                    "type": "null_resource",
                    "depends_on": [],
                    "primary": {
                        "id": "1091328928930734202",
                        "attributes": {
                            "id": "1091328928930734202",
                            "triggers.%": "1",
                            "triggers.name": "eu-central-1_jive-microservices-pipeline"
                        },
                        "meta": {},
                        "tainted": false
                    },
                    "deposed": [],
                    "provider": ""
                }
            },
            "depends_on": []
        }
    ]
}
