{
    "version": 3,
    "terraform_version": "0.9.2",
    "serial": 7,
    "lineage": "27e1fee7-908b-434b-a0bc-860619d549d1",
    "modules": [
        {
            "path": [
                "root"
            ],
            "outputs": {},
            "resources": {
                "aws_autoscaling_group.tardis_asg.0": {
                    "type": "aws_autoscaling_group",
                    "depends_on": [
                        "aws_elb.tardis",
                        "aws_launch_configuration.tardis",
                        "data.aws_subnet.natdc.*",
                        "null_resource.k8s_cluster"
                    ],
                    "primary": {
                        "id": "pipeline-tardis-asg1",
                        "attributes": {
                            "arn": "arn:aws:autoscaling:us-west-2:811034720611:autoScalingGroup:cef8d85a-8016-4623-897b-8bd67043beb7:autoScalingGroupName/pipeline-tardis-asg1",
                            "availability_zones.#": "1",
                            "availability_zones.2487133097": "us-west-2a",
                            "default_cooldown": "300",
                            "desired_capacity": "1",
                            "force_delete": "false",
                            "health_check_grace_period": "300",
                            "health_check_type": "EC2",
                            "id": "pipeline-tardis-asg1",
                            "launch_configuration": "terraform-0027c8ed07824d36f3393d7c06",
                            "load_balancers.#": "1",
                            "load_balancers.1946248490": "pipeline-tardis-elb",
                            "max_size": "1",
                            "metrics_granularity": "1Minute",
                            "min_size": "1",
                            "name": "pipeline-tardis-asg1",
                            "placement_group": "",
                            "protect_from_scale_in": "false",
                            "suspended_processes.#": "0",
                            "tag.#": "9",
                            "tag.1625014014.key": "Name",
                            "tag.1625014014.propagate_at_launch": "true",
                            "tag.1625014014.value": "pipeline-tardis-instance",
                            "tag.2813060335.key": "K8s_cluster",
                            "tag.2813060335.propagate_at_launch": "true",
                            "tag.2813060335.value": "us-west-2_jive-microservices-pipeline",
                            "tag.2957669699.key": "Pipeline_phase",
                            "tag.2957669699.propagate_at_launch": "true",
                            "tag.2957669699.value": "pipeline",
                            "tag.3521129239.key": "Service_component",
                            "tag.3521129239.propagate_at_launch": "true",
                            "tag.3521129239.value": "tardis",
                            "tag.3767096825.key": "SLA",
                            "tag.3767096825.propagate_at_launch": "true",
                            "tag.3767096825.value": "non-prod",
                            "tag.384172955.key": "Jive_service",
                            "tag.384172955.propagate_at_launch": "true",
                            "tag.384172955.value": "us-west-2_jive-microservices-pipeline",
                            "tag.3970527082.key": "KubernetesCluster",
                            "tag.3970527082.propagate_at_launch": "true",
                            "tag.3970527082.value": "us-west-2_jive-microservices-pipeline",
                            "tag.4279558224.key": "Region",
                            "tag.4279558224.propagate_at_launch": "true",
                            "tag.4279558224.value": "us-west-2",
                            "tag.4288869199.key": "Hostname",
                            "tag.4288869199.propagate_at_launch": "true",
                            "tag.4288869199.value": "us-west-2_jive-microservices-pipeline-tardis1",
                            "target_group_arns.#": "0",
                            "termination_policies.#": "0",
                            "vpc_zone_identifier.#": "1",
                            "vpc_zone_identifier.4149756770": "subnet-ada073c9",
                            "wait_for_capacity_timeout": "10m"
                        },
                        "meta": {},
                        "tainted": false
                    },
                    "deposed": [],
                    "provider": ""
                },
                "aws_autoscaling_group.tardis_asg.1": {
                    "type": "aws_autoscaling_group",
                    "depends_on": [
                        "aws_elb.tardis",
                        "aws_launch_configuration.tardis",
                        "data.aws_subnet.natdc.*",
                        "null_resource.k8s_cluster"
                    ],
                    "primary": {
                        "id": "pipeline-tardis-asg2",
                        "attributes": {
                            "arn": "arn:aws:autoscaling:us-west-2:811034720611:autoScalingGroup:154cbc91-a119-43f7-832e-5c08d1184eda:autoScalingGroupName/pipeline-tardis-asg2",
                            "availability_zones.#": "1",
                            "availability_zones.221770259": "us-west-2b",
                            "default_cooldown": "300",
                            "desired_capacity": "1",
                            "force_delete": "false",
                            "health_check_grace_period": "300",
                            "health_check_type": "EC2",
                            "id": "pipeline-tardis-asg2",
                            "launch_configuration": "terraform-0027c8ed07824d36f3393d7c06",
                            "load_balancers.#": "1",
                            "load_balancers.1946248490": "pipeline-tardis-elb",
                            "max_size": "1",
                            "metrics_granularity": "1Minute",
                            "min_size": "1",
                            "name": "pipeline-tardis-asg2",
                            "placement_group": "",
                            "protect_from_scale_in": "false",
                            "suspended_processes.#": "0",
                            "tag.#": "9",
                            "tag.1625014014.key": "Name",
                            "tag.1625014014.propagate_at_launch": "true",
                            "tag.1625014014.value": "pipeline-tardis-instance",
                            "tag.2813060335.key": "K8s_cluster",
                            "tag.2813060335.propagate_at_launch": "true",
                            "tag.2813060335.value": "us-west-2_jive-microservices-pipeline",
                            "tag.2957669699.key": "Pipeline_phase",
                            "tag.2957669699.propagate_at_launch": "true",
                            "tag.2957669699.value": "pipeline",
                            "tag.3461016018.key": "Hostname",
                            "tag.3461016018.propagate_at_launch": "true",
                            "tag.3461016018.value": "us-west-2_jive-microservices-pipeline-tardis2",
                            "tag.3521129239.key": "Service_component",
                            "tag.3521129239.propagate_at_launch": "true",
                            "tag.3521129239.value": "tardis",
                            "tag.3767096825.key": "SLA",
                            "tag.3767096825.propagate_at_launch": "true",
                            "tag.3767096825.value": "non-prod",
                            "tag.384172955.key": "Jive_service",
                            "tag.384172955.propagate_at_launch": "true",
                            "tag.384172955.value": "us-west-2_jive-microservices-pipeline",
                            "tag.3970527082.key": "KubernetesCluster",
                            "tag.3970527082.propagate_at_launch": "true",
                            "tag.3970527082.value": "us-west-2_jive-microservices-pipeline",
                            "tag.4279558224.key": "Region",
                            "tag.4279558224.propagate_at_launch": "true",
                            "tag.4279558224.value": "us-west-2",
                            "target_group_arns.#": "0",
                            "termination_policies.#": "0",
                            "vpc_zone_identifier.#": "1",
                            "vpc_zone_identifier.2471563134": "subnet-97fb0fe1",
                            "wait_for_capacity_timeout": "10m"
                        },
                        "meta": {},
                        "tainted": false
                    },
                    "deposed": [],
                    "provider": ""
                },
                "aws_autoscaling_group.tardis_asg.2": {
                    "type": "aws_autoscaling_group",
                    "depends_on": [
                        "aws_elb.tardis",
                        "aws_launch_configuration.tardis",
                        "data.aws_subnet.natdc.*",
                        "null_resource.k8s_cluster"
                    ],
                    "primary": {
                        "id": "pipeline-tardis-asg3",
                        "attributes": {
                            "arn": "arn:aws:autoscaling:us-west-2:811034720611:autoScalingGroup:fb58e2e6-7958-4f46-b714-61f9ee8f41e2:autoScalingGroupName/pipeline-tardis-asg3",
                            "availability_zones.#": "1",
                            "availability_zones.2050015877": "us-west-2c",
                            "default_cooldown": "300",
                            "desired_capacity": "1",
                            "force_delete": "false",
                            "health_check_grace_period": "300",
                            "health_check_type": "EC2",
                            "id": "pipeline-tardis-asg3",
                            "launch_configuration": "terraform-0027c8ed07824d36f3393d7c06",
                            "load_balancers.#": "1",
                            "load_balancers.1946248490": "pipeline-tardis-elb",
                            "max_size": "1",
                            "metrics_granularity": "1Minute",
                            "min_size": "1",
                            "name": "pipeline-tardis-asg3",
                            "placement_group": "",
                            "protect_from_scale_in": "false",
                            "suspended_processes.#": "0",
                            "tag.#": "9",
                            "tag.1625014014.key": "Name",
                            "tag.1625014014.propagate_at_launch": "true",
                            "tag.1625014014.value": "pipeline-tardis-instance",
                            "tag.1748886118.key": "Hostname",
                            "tag.1748886118.propagate_at_launch": "true",
                            "tag.1748886118.value": "us-west-2_jive-microservices-pipeline-tardis3",
                            "tag.2813060335.key": "K8s_cluster",
                            "tag.2813060335.propagate_at_launch": "true",
                            "tag.2813060335.value": "us-west-2_jive-microservices-pipeline",
                            "tag.2957669699.key": "Pipeline_phase",
                            "tag.2957669699.propagate_at_launch": "true",
                            "tag.2957669699.value": "pipeline",
                            "tag.3521129239.key": "Service_component",
                            "tag.3521129239.propagate_at_launch": "true",
                            "tag.3521129239.value": "tardis",
                            "tag.3767096825.key": "SLA",
                            "tag.3767096825.propagate_at_launch": "true",
                            "tag.3767096825.value": "non-prod",
                            "tag.384172955.key": "Jive_service",
                            "tag.384172955.propagate_at_launch": "true",
                            "tag.384172955.value": "us-west-2_jive-microservices-pipeline",
                            "tag.3970527082.key": "KubernetesCluster",
                            "tag.3970527082.propagate_at_launch": "true",
                            "tag.3970527082.value": "us-west-2_jive-microservices-pipeline",
                            "tag.4279558224.key": "Region",
                            "tag.4279558224.propagate_at_launch": "true",
                            "tag.4279558224.value": "us-west-2",
                            "target_group_arns.#": "0",
                            "termination_policies.#": "0",
                            "vpc_zone_identifier.#": "1",
                            "vpc_zone_identifier.2207110996": "subnet-ace1e0f5",
                            "wait_for_capacity_timeout": "10m"
                        },
                        "meta": {},
                        "tainted": false
                    },
                    "deposed": [],
                    "provider": ""
                },
                "aws_eip.tardis_eip.0": {
                    "type": "aws_eip",
                    "depends_on": [],
                    "primary": {
                        "id": "eipalloc-54fabe6e",
                        "attributes": {
                            "association_id": "",
                            "domain": "vpc",
                            "id": "eipalloc-54fabe6e",
                            "instance": "",
                            "network_interface": "",
                            "private_ip": "",
                            "public_ip": "52.26.38.146",
                            "vpc": "true"
                        },
                        "meta": {},
                        "tainted": false
                    },
                    "deposed": [],
                    "provider": ""
                },
                "aws_eip.tardis_eip.1": {
                    "type": "aws_eip",
                    "depends_on": [],
                    "primary": {
                        "id": "eipalloc-01f8bc3b",
                        "attributes": {
                            "association_id": "",
                            "domain": "vpc",
                            "id": "eipalloc-01f8bc3b",
                            "instance": "",
                            "network_interface": "",
                            "private_ip": "",
                            "public_ip": "52.33.56.43",
                            "vpc": "true"
                        },
                        "meta": {},
                        "tainted": false
                    },
                    "deposed": [],
                    "provider": ""
                },
                "aws_eip.tardis_eip.2": {
                    "type": "aws_eip",
                    "depends_on": [],
                    "primary": {
                        "id": "eipalloc-40ffbb7a",
                        "attributes": {
                            "association_id": "",
                            "domain": "vpc",
                            "id": "eipalloc-40ffbb7a",
                            "instance": "",
                            "network_interface": "",
                            "private_ip": "",
                            "public_ip": "35.167.2.198",
                            "vpc": "true"
                        },
                        "meta": {},
                        "tainted": false
                    },
                    "deposed": [],
                    "provider": ""
                },
                "aws_elb.tardis": {
                    "type": "aws_elb",
                    "depends_on": [
                        "aws_security_group.tardis_instance",
                        "null_resource.k8s_cluster"
                    ],
                    "primary": {
                        "id": "pipeline-tardis-elb",
                        "attributes": {
                            "access_logs.#": "0",
                            "availability_zones.#": "1",
                            "availability_zones.2487133097": "us-west-2a",
                            "connection_draining": "false",
                            "connection_draining_timeout": "300",
                            "cross_zone_load_balancing": "true",
                            "dns_name": "internal-pipeline-tardis-elb-1746902269.us-west-2.elb.amazonaws.com",
                            "health_check.#": "1",
                            "health_check.0.healthy_threshold": "2",
                            "health_check.0.interval": "30",
                            "health_check.0.target": "TCP:443",
                            "health_check.0.timeout": "3",
                            "health_check.0.unhealthy_threshold": "2",
                            "id": "pipeline-tardis-elb",
                            "idle_timeout": "1800",
                            "instances.#": "3",
                            "instances.2555950948": "i-050d76da0c009787d",
                            "instances.3165803953": "i-0a4f18f1570c66043",
                            "instances.706121506": "i-052adf9f9894c0c78",
                            "internal": "true",
                            "listener.#": "1",
                            "listener.610193557.instance_port": "443",
                            "listener.610193557.instance_protocol": "tcp",
                            "listener.610193557.lb_port": "443",
                            "listener.610193557.lb_protocol": "tcp",
                            "listener.610193557.ssl_certificate_id": "",
                            "name": "pipeline-tardis-elb",
                            "security_groups.#": "2",
                            "security_groups.1263741703": "sg-ae2662d5",
                            "security_groups.4017252045": "sg-c69fe5a1",
                            "source_security_group": "811034720611/pipeline-instance",
                            "source_security_group_id": "sg-c69fe5a1",
                            "subnets.#": "1",
                            "subnets.4149756770": "subnet-ada073c9",
                            "tags.%": "7",
                            "tags.Hostname": "us-west-2_jive-microservices-pipeline-tardis1",
                            "tags.Jive_service": "us-west-2_jive-microservices-pipeline",
                            "tags.Name": "pipeline-tardis-elb",
                            "tags.Pipeline_phase": "pipeline",
                            "tags.Region": "us-west-2",
                            "tags.SLA": "non-prod",
                            "tags.Service_component": "tardis",
                            "zone_id": "Z1H1FL5HABSF5"
                        },
                        "meta": {},
                        "tainted": false
                    },
                    "deposed": [],
                    "provider": ""
                },
                "aws_iam_instance_profile.tardis": {
                    "type": "aws_iam_instance_profile",
                    "depends_on": [
                        "aws_iam_role.tardis",
                        "null_resource.k8s_cluster"
                    ],
                    "primary": {
                        "id": "us-west-2_jive-microservices-pipeline-tardis-profile",
                        "attributes": {
                            "arn": "arn:aws:iam::811034720611:instance-profile/us-west-2_jive-microservices-pipeline-tardis-profile",
                            "id": "us-west-2_jive-microservices-pipeline-tardis-profile",
                            "name": "us-west-2_jive-microservices-pipeline-tardis-profile",
                            "path": "/",
                            "roles.#": "1",
                            "roles.210381309": "us-west-2_jive-microservices-pipeline-tardis-role",
                            "unique_id": "AIPAJ37LBHWRQ7J5JM7FA"
                        },
                        "meta": {},
                        "tainted": false
                    },
                    "deposed": [],
                    "provider": ""
                },
                "aws_iam_role.tardis": {
                    "type": "aws_iam_role",
                    "depends_on": [
                        "null_resource.k8s_cluster"
                    ],
                    "primary": {
                        "id": "us-west-2_jive-microservices-pipeline-tardis-role",
                        "attributes": {
                            "arn": "arn:aws:iam::811034720611:role/us-west-2_jive-microservices-pipeline-tardis-role",
                            "assume_role_policy": "{\"Version\":\"2012-10-17\",\"Statement\":[{\"Sid\":\"\",\"Effect\":\"Allow\",\"Principal\":{\"Service\":\"ec2.amazonaws.com\"},\"Action\":\"sts:AssumeRole\"}]}",
                            "create_date": "2017-05-18T21:42:54Z",
                            "id": "us-west-2_jive-microservices-pipeline-tardis-role",
                            "name": "us-west-2_jive-microservices-pipeline-tardis-role",
                            "path": "/",
                            "unique_id": "AROAJQJ42ZUAX3WEQUTQS"
                        },
                        "meta": {},
                        "tainted": false
                    },
                    "deposed": [],
                    "provider": ""
                },
                "aws_iam_role_policy.tardis": {
                    "type": "aws_iam_role_policy",
                    "depends_on": [
                        "aws_iam_role.tardis",
                        "null_resource.k8s_cluster"
                    ],
                    "primary": {
                        "id": "us-west-2_jive-microservices-pipeline-tardis-role:us-west-2_jive-microservices-pipeline-tardis-policy",
                        "attributes": {
                            "id": "us-west-2_jive-microservices-pipeline-tardis-role:us-west-2_jive-microservices-pipeline-tardis-policy",
                            "name": "us-west-2_jive-microservices-pipeline-tardis-policy",
                            "policy": "{\n    \"Version\": \"2012-10-17\",\n    \"Statement\": [\n        {\n            \"Effect\": \"Allow\",\n            \"Action\": [\n                \"ec2:Describe*\",\n                \"ec2:AttachVolume\",\n                \"ec2:DetachVolume\",\n                \"ec2:AttachNetworkInterface\",\n                \"ec2:DetachNetworkInterface\",\n                \"route53:ListHostedZones\",\n                \"route53:ListResourceRecordSets\",\n                \"rds:Describe*\",\n                \"elasticache:Describe*\",\n                \"s3:GetObject\",\n                \"s3:ListAllMyBuckets\",\n                \"s3:ListBucket\",\n                \"s3:PutObject\",\n                \"s3:CreateBucket\",\n                \"s3:GetBucketLocation\"\n            ],\n            \"Resource\": \"*\"\n        }\n    ]\n}\n",
                            "role": "us-west-2_jive-microservices-pipeline-tardis-role"
                        },
                        "meta": {},
                        "tainted": false
                    },
                    "deposed": [],
                    "provider": ""
                },
                "aws_launch_configuration.tardis": {
                    "type": "aws_launch_configuration",
                    "depends_on": [],
                    "primary": {
                        "id": "terraform-0027c8ed07824d36f3393d7c06",
                        "attributes": {
                            "associate_public_ip_address": "false",
                            "ebs_block_device.#": "0",
                            "ebs_optimized": "false",
                            "enable_monitoring": "true",
                            "ephemeral_block_device.#": "0",
                            "iam_instance_profile": "us-west-2_jive-microservices-pipeline-tardis-profile",
                            "id": "terraform-0027c8ed07824d36f3393d7c06",
                            "image_id": "ami-9f46e7ff",
                            "instance_type": "m4.large",
                            "key_name": "plops-ms-pipeline-k8s",
                            "name": "terraform-0027c8ed07824d36f3393d7c06",
                            "root_block_device.#": "1",
                            "root_block_device.0.delete_on_termination": "true",
                            "root_block_device.0.iops": "0",
                            "root_block_device.0.volume_size": "20",
                            "root_block_device.0.volume_type": "gp2",
                            "security_groups.#": "2",
                            "security_groups.1263741703": "sg-ae2662d5",
                            "security_groups.4017252045": "sg-c69fe5a1",
                            "spot_price": "",
                            "user_data": "2d7d1a0a913f1d6e32c6e672a0873ae749ea41f0",
                            "vpc_classic_link_id": "",
                            "vpc_classic_link_security_groups.#": "0"
                        },
                        "meta": {},
                        "tainted": false
                    },
                    "deposed": [],
                    "provider": ""
                },
                "aws_security_group.tardis_instance": {
                    "type": "aws_security_group",
                    "depends_on": [
                        "data.aws_security_group.k8s_master_instance",
                        "data.aws_security_group.k8s_worker_instance",
                        "null_resource.k8s_cluster"
                    ],
                    "primary": {
                        "id": "sg-ae2662d5",
                        "attributes": {
                            "description": "Access to tardis nodes",
                            "egress.#": "0",
                            "id": "sg-ae2662d5",
                            "ingress.#": "2",
                            "ingress.1469947193.cidr_blocks.#": "0",
                            "ingress.1469947193.from_port": "8472",
                            "ingress.1469947193.ipv6_cidr_blocks.#": "0",
                            "ingress.1469947193.protocol": "udp",
                            "ingress.1469947193.security_groups.#": "2",
                            "ingress.1469947193.security_groups.4062146269": "sg-ed86b48a",
                            "ingress.1469947193.security_groups.836287663": "sg-ee86b489",
                            "ingress.1469947193.self": "false",
                            "ingress.1469947193.to_port": "8472",
                            "ingress.691539513.cidr_blocks.#": "1",
                            "ingress.691539513.cidr_blocks.0": "10.0.0.0/8",
                            "ingress.691539513.from_port": "443",
                            "ingress.691539513.ipv6_cidr_blocks.#": "0",
                            "ingress.691539513.protocol": "tcp",
                            "ingress.691539513.security_groups.#": "0",
                            "ingress.691539513.self": "true",
                            "ingress.691539513.to_port": "443",
                            "name": "us-west-2_jive-microservices-pipeline-tardis-instance",
                            "owner_id": "811034720611",
                            "tags.%": "6",
                            "tags.Name": "us-west-2_jive-microservices-pipeline-tardis-instance",
                            "tags.jive_service": "tardis",
                            "tags.pipeline_phase": "pipeline",
                            "tags.region": "us-west-2",
                            "tags.service_component": "tardis",
                            "tags.sla": "non-prod",
                            "vpc_id": "vpc-895e96ed"
                        },
                        "meta": {},
                        "tainted": false
                    },
                    "deposed": [],
                    "provider": ""
                },
                "aws_security_group_rule.k8s_etcd_instance": {
                    "type": "aws_security_group_rule",
                    "depends_on": [
                        "aws_security_group.tardis_instance",
                        "data.aws_security_group.k8s_etcd_instance"
                    ],
                    "primary": {
                        "id": "sgrule-3209078393",
                        "attributes": {
                            "from_port": "2379",
                            "id": "sgrule-3209078393",
                            "protocol": "tcp",
                            "security_group_id": "sg-e886b48f",
                            "self": "false",
                            "source_security_group_id": "sg-ae2662d5",
                            "to_port": "2380",
                            "type": "ingress"
                        },
                        "meta": {
                            "schema_version": "2"
                        },
                        "tainted": false
                    },
                    "deposed": [],
                    "provider": ""
                },
                "aws_security_group_rule.k8s_master_instance": {
                    "type": "aws_security_group_rule",
                    "depends_on": [
                        "aws_security_group.tardis_instance",
                        "data.aws_security_group.k8s_master_instance"
                    ],
                    "primary": {
                        "id": "sgrule-1976573153",
                        "attributes": {
                            "cidr_blocks.#": "0",
                            "from_port": "8472",
                            "id": "sgrule-1976573153",
                            "ipv6_cidr_blocks.#": "0",
                            "prefix_list_ids.#": "0",
                            "protocol": "udp",
                            "security_group_id": "sg-ee86b489",
                            "self": "false",
                            "source_security_group_id": "sg-ae2662d5",
                            "to_port": "8472",
                            "type": "ingress"
                        },
                        "meta": {
                            "schema_version": "2"
                        },
                        "tainted": false
                    },
                    "deposed": [],
                    "provider": ""
                },
                "aws_security_group_rule.k8s_worker_instance": {
                    "type": "aws_security_group_rule",
                    "depends_on": [
                        "aws_security_group.tardis_instance",
                        "data.aws_security_group.k8s_worker_instance"
                    ],
                    "primary": {
                        "id": "sgrule-3755569004",
                        "attributes": {
                            "cidr_blocks.#": "0",
                            "from_port": "8472",
                            "id": "sgrule-3755569004",
                            "ipv6_cidr_blocks.#": "0",
                            "prefix_list_ids.#": "0",
                            "protocol": "udp",
                            "security_group_id": "sg-ed86b48a",
                            "self": "false",
                            "source_security_group_id": "sg-ae2662d5",
                            "to_port": "8472",
                            "type": "ingress"
                        },
                        "meta": {
                            "schema_version": "2"
                        },
                        "tainted": false
                    },
                    "deposed": [],
                    "provider": ""
                },
                "data.aws_availability_zones.available": {
                    "type": "aws_availability_zones",
                    "depends_on": [],
                    "primary": {
                        "id": "2017-06-15 23:15:08.519500655 +0000 UTC",
                        "attributes": {
                            "id": "2017-06-15 23:15:08.519500655 +0000 UTC",
                            "names.#": "3",
                            "names.0": "us-west-2a",
                            "names.1": "us-west-2b",
                            "names.2": "us-west-2c"
                        },
                        "meta": {},
                        "tainted": false
                    },
                    "deposed": [],
                    "provider": ""
                },
                "data.aws_security_group.k8s_etcd_instance": {
                    "type": "aws_security_group",
                    "depends_on": [
                        "null_resource.k8s_cluster"
                    ],
                    "primary": {
                        "id": "sg-e886b48f",
                        "attributes": {
                            "filter.#": "1",
                            "filter.1527410278.name": "tag:Name",
                            "filter.1527410278.values.#": "1",
                            "filter.1527410278.values.3289691856": "us-west-2_jive-microservices-pipeline-etcd-instance",
                            "id": "sg-e886b48f",
                            "name": "us-west-2_jive-microservices-pipeline-kubernetes-etcd-instance",
                            "tags.%": "6",
                            "tags.Name": "us-west-2_jive-microservices-pipeline-etcd-instance",
                            "tags.jive_service": "k8s",
                            "tags.pipeline_phase": "pipeline",
                            "tags.region": "us-west-2",
                            "tags.service_component": "k8s-etcd",
                            "tags.sla": "non-prod",
                            "vpc_id": "vpc-895e96ed"
                        },
                        "meta": {},
                        "tainted": false
                    },
                    "deposed": [],
                    "provider": ""
                },
                "data.aws_security_group.k8s_master_instance": {
                    "type": "aws_security_group",
                    "depends_on": [
                        "null_resource.k8s_cluster"
                    ],
                    "primary": {
                        "id": "sg-ee86b489",
                        "attributes": {
                            "filter.#": "1",
                            "filter.2966952044.name": "tag:Name",
                            "filter.2966952044.values.#": "1",
                            "filter.2966952044.values.451120107": "us-west-2_jive-microservices-pipeline-master-instance",
                            "id": "sg-ee86b489",
                            "name": "us-west-2_jive-microservices-pipeline-master-instance",
                            "tags.%": "6",
                            "tags.Name": "us-west-2_jive-microservices-pipeline-master-instance",
                            "tags.jive_service": "k8s",
                            "tags.pipeline_phase": "pipeline",
                            "tags.region": "us-west-2",
                            "tags.service_component": "k8s-master",
                            "tags.sla": "non-prod",
                            "vpc_id": "vpc-895e96ed"
                        },
                        "meta": {},
                        "tainted": false
                    },
                    "deposed": [],
                    "provider": ""
                },
                "data.aws_security_group.k8s_worker_instance": {
                    "type": "aws_security_group",
                    "depends_on": [
                        "null_resource.k8s_cluster"
                    ],
                    "primary": {
                        "id": "sg-ed86b48a",
                        "attributes": {
                            "filter.#": "1",
                            "filter.1935193134.name": "tag:Name",
                            "filter.1935193134.values.#": "1",
                            "filter.1935193134.values.3950806453": "us-west-2_jive-microservices-pipeline-worker-instance",
                            "id": "sg-ed86b48a",
                            "name": "us-west-2_jive-microservices-pipeline-worker-instance",
                            "tags.%": "7",
                            "tags.KubernetesCluster": "us-west-2_jive-microservices-pipeline",
                            "tags.Name": "us-west-2_jive-microservices-pipeline-worker-instance",
                            "tags.jive_service": "k8s",
                            "tags.pipeline_phase": "pipeline",
                            "tags.region": "us-west-2",
                            "tags.service_component": "k8s-worker",
                            "tags.sla": "non-prod",
                            "vpc_id": "vpc-895e96ed"
                        },
                        "meta": {},
                        "tainted": false
                    },
                    "deposed": [],
                    "provider": ""
                },
                "data.aws_subnet.natdc.0": {
                    "type": "aws_subnet",
                    "depends_on": [
                        "data.aws_availability_zones.available"
                    ],
                    "primary": {
                        "id": "subnet-ada073c9",
                        "attributes": {
                            "availability_zone": "us-west-2a",
                            "cidr_block": "10.124.0.0/22",
                            "default_for_az": "false",
                            "id": "subnet-ada073c9",
                            "state": "available",
                            "tags.%": "7",
                            "tags.KubernetesCluster": "us-west-2_jive-microservices-pipeline",
                            "tags.Name": "pipeline-natdc-subnet",
                            "tags.account_name": "jive-microservices-pipeline",
                            "tags.kubernetes.io/role/internal-elb": "us-west-2_jive-microservices-pipeline",
                            "tags.pipeline_phase": "pipeline",
                            "tags.region": "us-west-2",
                            "tags.sla": "non-prod",
                            "vpc_id": "vpc-895e96ed"
                        },
                        "meta": {},
                        "tainted": false
                    },
                    "deposed": [],
                    "provider": ""
                },
                "data.aws_subnet.natdc.1": {
                    "type": "aws_subnet",
                    "depends_on": [
                        "data.aws_availability_zones.available"
                    ],
                    "primary": {
                        "id": "subnet-97fb0fe1",
                        "attributes": {
                            "availability_zone": "us-west-2b",
                            "cidr_block": "10.124.4.0/22",
                            "default_for_az": "false",
                            "id": "subnet-97fb0fe1",
                            "state": "available",
                            "tags.%": "7",
                            "tags.KubernetesCluster": "us-west-2_jive-microservices-pipeline",
                            "tags.Name": "pipeline-natdc-subnet",
                            "tags.account_name": "jive-microservices-pipeline",
                            "tags.kubernetes.io/role/internal-elb": "us-west-2_jive-microservices-pipeline",
                            "tags.pipeline_phase": "pipeline",
                            "tags.region": "us-west-2",
                            "tags.sla": "non-prod",
                            "vpc_id": "vpc-895e96ed"
                        },
                        "meta": {},
                        "tainted": false
                    },
                    "deposed": [],
                    "provider": ""
                },
                "data.aws_subnet.natdc.2": {
                    "type": "aws_subnet",
                    "depends_on": [
                        "data.aws_availability_zones.available"
                    ],
                    "primary": {
                        "id": "subnet-ace1e0f5",
                        "attributes": {
                            "availability_zone": "us-west-2c",
                            "cidr_block": "10.124.8.0/22",
                            "default_for_az": "false",
                            "id": "subnet-ace1e0f5",
                            "state": "available",
                            "tags.%": "7",
                            "tags.KubernetesCluster": "us-west-2_jive-microservices-pipeline",
                            "tags.Name": "pipeline-natdc-subnet",
                            "tags.account_name": "jive-microservices-pipeline",
                            "tags.kubernetes.io/role/internal-elb": "us-west-2_jive-microservices-pipeline",
                            "tags.pipeline_phase": "pipeline",
                            "tags.region": "us-west-2",
                            "tags.sla": "non-prod",
                            "vpc_id": "vpc-895e96ed"
                        },
                        "meta": {},
                        "tainted": false
                    },
                    "deposed": [],
                    "provider": ""
                },
                "data.template_file.cloud_config": {
                    "type": "template_file",
                    "depends_on": [
                        "null_resource.k8s_cluster"
                    ],
                    "primary": {
                        "id": "f6f496ae85ae01a35dc358fb9d8d9a1c9aee11cd34f3760c8f34f28009619b22",
                        "attributes": {
                            "id": "f6f496ae85ae01a35dc358fb9d8d9a1c9aee11cd34f3760c8f34f28009619b22",
                            "rendered": "#cloud-config\ncoreos:\n  units:\n    - name: bootstrap.service\n      command: start\n      content: |\n        [Unit]\n        Requires=early-docker.service\n        After=early-docker.service\n        Description=Bootstraps the node\n        [Service]\n        Environment=\"DOCKER_HOST=unix:///var/run/early-docker.sock\"\n        Type=oneshot\n        RemainAfterExit=yes\n        ExecStart=/root/bootstrap.sh\n    - name: settimezone.service\n      command: start\n      content: |\n        [Unit]\n        Description=Set the timezone\n        [Service]\n        ExecStart=/usr/bin/timedatectl set-timezone UTC\n        RemainAfterExit=yes\n        Type=oneshot\nupdate:\n    reboot-strategy: off\nssh_authorized_keys:\n  - ssh-rsa AAAAB3NzaC1yc2EAAAADAQABAAABAQDLL9/j78fuWI5+pgZwgIns+FKiKpEtUcI8dBpLXJOhn2pQP7tF7cdhfbcNjynqZxfGsmnc1gatvR4j+UmYRIa0WFdwL8H2bhWnBrH7LLLHZzbbaN0Tbdw0MaQDDr+PFOaaBeuYHuS+wmWu+HjTcd6VGnoeKdHVpoWeo0/dbvwp0IpTEFzI/xiQ/28/hStFP5da/CXORjtvTgFAqSxU6932yZAL+MQE8MStw/xJiDKYdM4sKqzlNskFuIR0v8GDcWVMYj5bq4RQfLBbkWq1knG0GXX27m6nP/xw11swa3wmNM6dKkGCJldJqpHNkOHurtfmZb6BBOkdZ78Abz1S9RuF\nwrite_files:\n  - path: /etc/hosts\n    permissions: 0644\n    content: |\n      10.160.4.127 docker.phx1.jivehosted.com\n      10.160.70.25 pulp-slave\nwrite_files:\n  - path: /root/parse_manifest.sh\n    permissions: 0755\n    content: |\n      #!/usr/bin/bash\n      jq -c '.clusters[] | select(.clusterName == \"us-west-2_jive-microservices-pipeline\") | .ansibleImageVersion' /tmp/cluster_manifest.json\nwrite_files:\n  - path: /root/pam_workaround.sh\n    permissions: 0755\n    content: |\n      #!/usr/bin/bash\n      if [[ -d /lib/pam.d ]]; then\n        rsync -a /lib/pam.d/ /etc/pam.d/\n        sed -i '/pam_systemd.so/d' /etc/pam.d/*\n        sed -i '/pam_nologin.so/d' /etc/pam.d/*\n      fi\nwrite_files:\n  - path: /root/bootstrap.sh\n    permissions: 0755\n    content: |\n      #!/usr/bin/bash\n      #\n      if [ -f /etc/coreos/update.conf ] ; then\n        rm  /etc/coreos/update.conf\n      fi\n\n      declare -r ansible_bucket=https://s3-us-west-2.amazonaws.com/jive-ansible-coreos-jive-infra-prod-usw2\n\n      # Get cluster manifest from S3 bucket\n      curl -XGET -s \\\n      --retry 3 \\\n      --retry-delay 5 \\\n      ${ansible_bucket}/cluster_manifest.json \\\n      --output /tmp/cluster_manifest.json\n\n      # Get ansible-coreos bootstrap script from S3 bucket\n      curl -XGET -s \\\n      --retry 3 \\\n      --retry-delay 5 \\\n      ${ansible_bucket}/run-ansible-container.sh \\\n      --output /tmp/run-ansible-container.sh\n\n      declare -r docker_image=$(bash /root/parse_manifest.sh | sed 's/\"//g')\n      bash -vx /root/pam_workaround.sh\n      bash -vx /tmp/run-ansible-container.sh ${docker_image}\n\n      exit 0\n",
                            "template": "#cloud-config\ncoreos:\n  units:\n    - name: bootstrap.service\n      command: start\n      content: |\n        [Unit]\n        Requires=early-docker.service\n        After=early-docker.service\n        Description=Bootstraps the node\n        [Service]\n        Environment=\"DOCKER_HOST=unix:///var/run/early-docker.sock\"\n        Type=oneshot\n        RemainAfterExit=yes\n        ExecStart=/root/bootstrap.sh\n    - name: settimezone.service\n      command: start\n      content: |\n        [Unit]\n        Description=Set the timezone\n        [Service]\n        ExecStart=/usr/bin/timedatectl set-timezone UTC\n        RemainAfterExit=yes\n        Type=oneshot\nupdate:\n    reboot-strategy: off\nssh_authorized_keys:\n  - ${COREOS_AUTHKEY}\nwrite_files:\n  - path: /etc/hosts\n    permissions: 0644\n    content: |\n      ${DOCKER_REGISTRY}\n      ${PHX_PULP}\nwrite_files:\n  - path: /root/parse_manifest.sh\n    permissions: 0755\n    content: |\n      #!/usr/bin/bash\n      jq -c '.clusters[] | select(.clusterName == \"${KubernetesCluster}\") | .ansibleImageVersion' /tmp/cluster_manifest.json\nwrite_files:\n  - path: /root/pam_workaround.sh\n    permissions: 0755\n    content: |\n      #!/usr/bin/bash\n      if [[ -d /lib/pam.d ]]; then\n        rsync -a /lib/pam.d/ /etc/pam.d/\n        sed -i '/pam_systemd.so/d' /etc/pam.d/*\n        sed -i '/pam_nologin.so/d' /etc/pam.d/*\n      fi\nwrite_files:\n  - path: /root/bootstrap.sh\n    permissions: 0755\n    content: |\n      #!/usr/bin/bash\n      #\n      if [ -f /etc/coreos/update.conf ] ; then\n        rm  /etc/coreos/update.conf\n      fi\n\n      declare -r ansible_bucket=${ANSIBLE_BUCKET}\n\n      # Get cluster manifest from S3 bucket\n      curl -XGET -s \\\n      --retry 3 \\\n      --retry-delay 5 \\\n      $${ansible_bucket}/cluster_manifest.json \\\n      --output /tmp/cluster_manifest.json\n\n      # Get ansible-coreos bootstrap script from S3 bucket\n      curl -XGET -s \\\n      --retry 3 \\\n      --retry-delay 5 \\\n      $${ansible_bucket}/run-ansible-container.sh \\\n      --output /tmp/run-ansible-container.sh\n\n      declare -r docker_image=$$(bash /root/parse_manifest.sh | sed 's/\"//g')\n      bash -vx /root/pam_workaround.sh\n      bash -vx /tmp/run-ansible-container.sh $${docker_image}\n\n      exit 0\n",
                            "vars.%": "5",
                            "vars.ANSIBLE_BUCKET": "https://s3-us-west-2.amazonaws.com/jive-ansible-coreos-jive-infra-prod-usw2",
                            "vars.COREOS_AUTHKEY": "ssh-rsa AAAAB3NzaC1yc2EAAAADAQABAAABAQDLL9/j78fuWI5+pgZwgIns+FKiKpEtUcI8dBpLXJOhn2pQP7tF7cdhfbcNjynqZxfGsmnc1gatvR4j+UmYRIa0WFdwL8H2bhWnBrH7LLLHZzbbaN0Tbdw0MaQDDr+PFOaaBeuYHuS+wmWu+HjTcd6VGnoeKdHVpoWeo0/dbvwp0IpTEFzI/xiQ/28/hStFP5da/CXORjtvTgFAqSxU6932yZAL+MQE8MStw/xJiDKYdM4sKqzlNskFuIR0v8GDcWVMYj5bq4RQfLBbkWq1knG0GXX27m6nP/xw11swa3wmNM6dKkGCJldJqpHNkOHurtfmZb6BBOkdZ78Abz1S9RuF",
                            "vars.DOCKER_REGISTRY": "10.160.4.127 docker.phx1.jivehosted.com",
                            "vars.KubernetesCluster": "us-west-2_jive-microservices-pipeline",
                            "vars.PHX_PULP": "10.160.70.25 pulp-slave"
                        },
                        "meta": {},
                        "tainted": false
                    },
                    "deposed": [],
                    "provider": ""
                },
                "null_resource.k8s_cluster": {
                    "type": "null_resource",
                    "depends_on": [],
                    "primary": {
                        "id": "1349524728615382460",
                        "attributes": {
                            "id": "1349524728615382460",
                            "triggers.%": "1",
                            "triggers.name": "us-west-2_jive-microservices-pipeline"
                        },
                        "meta": {},
                        "tainted": false
                    },
                    "deposed": [],
                    "provider": ""
                }
            },
            "depends_on": []
        }
    ]
}
