{
    "version": 3,
    "terraform_version": "0.9.4",
    "serial": 7,
    "lineage": "8c6ea3be-8c8a-4c5e-8166-00e4ef45bec4",
    "modules": [
        {
            "path": [
                "root"
            ],
            "outputs": {},
            "resources": {
                "aws_ebs_volume.upena_data_i1_v0": {
                    "type": "aws_ebs_volume",
                    "depends_on": [],
                    "primary": {
                        "id": "vol-0ec0b64ecb7e095bd",
                        "attributes": {
                            "availability_zone": "us-east-1a",
                            "encrypted": "true",
                            "id": "vol-0ec0b64ecb7e095bd",
                            "size": "500",
                            "snapshot_id": "",
                            "tags.%": "7",
                            "tags.Account_name": "jive-reco-pipeline",
                            "tags.Jive_service": "upena",
                            "tags.Name": "us-east-1-jive-reco-pipeline-newpena-data-i1-v0",
                            "tags.Pipeline_phase": "test",
                            "tags.Region": "us-east-1",
                            "tags.SLA": "non-prod",
                            "tags.Service_component": "upena-data",
                            "type": "st1"
                        },
                        "meta": {},
                        "tainted": false
                    },
                    "deposed": [],
                    "provider": ""
                },
                "aws_ebs_volume.upena_data_i1_v1": {
                    "type": "aws_ebs_volume",
                    "depends_on": [],
                    "primary": {
                        "id": "vol-086f476c0866243a2",
                        "attributes": {
                            "availability_zone": "us-east-1a",
                            "encrypted": "true",
                            "id": "vol-086f476c0866243a2",
                            "size": "2000",
                            "snapshot_id": "",
                            "tags.%": "7",
                            "tags.Account_name": "jive-reco-pipeline",
                            "tags.Jive_service": "upena",
                            "tags.Name": "us-east-1-jive-reco-pipeline-newpena-data-i1-v1",
                            "tags.Pipeline_phase": "test",
                            "tags.Region": "us-east-1",
                            "tags.SLA": "non-prod",
                            "tags.Service_component": "upena-data",
                            "type": "st1"
                        },
                        "meta": {},
                        "tainted": false
                    },
                    "deposed": [],
                    "provider": ""
                },
                "aws_ebs_volume.upena_data_i1_v2": {
                    "type": "aws_ebs_volume",
                    "depends_on": [],
                    "primary": {
                        "id": "vol-0549ba2e7572f11f3",
                        "attributes": {
                            "availability_zone": "us-east-1a",
                            "encrypted": "true",
                            "id": "vol-0549ba2e7572f11f3",
                            "size": "2000",
                            "snapshot_id": "",
                            "tags.%": "7",
                            "tags.Account_name": "jive-reco-pipeline",
                            "tags.Jive_service": "upena",
                            "tags.Name": "us-east-1-jive-reco-pipeline-newpena-data-i1-v2",
                            "tags.Pipeline_phase": "test",
                            "tags.Region": "us-east-1",
                            "tags.SLA": "non-prod",
                            "tags.Service_component": "upena-data",
                            "type": "st1"
                        },
                        "meta": {},
                        "tainted": false
                    },
                    "deposed": [],
                    "provider": ""
                },
                "aws_ebs_volume.upena_data_i1_v3": {
                    "type": "aws_ebs_volume",
                    "depends_on": [],
                    "primary": {
                        "id": "vol-00ba72a2a55e5ae25",
                        "attributes": {
                            "availability_zone": "us-east-1a",
                            "encrypted": "true",
                            "id": "vol-00ba72a2a55e5ae25",
                            "size": "2000",
                            "snapshot_id": "",
                            "tags.%": "7",
                            "tags.Account_name": "jive-reco-pipeline",
                            "tags.Jive_service": "upena",
                            "tags.Name": "us-east-1-jive-reco-pipeline-newpena-data-i1-v3",
                            "tags.Pipeline_phase": "test",
                            "tags.Region": "us-east-1",
                            "tags.SLA": "non-prod",
                            "tags.Service_component": "upena-data",
                            "type": "st1"
                        },
                        "meta": {},
                        "tainted": false
                    },
                    "deposed": [],
                    "provider": ""
                },
                "aws_ebs_volume.upena_data_i2_v0": {
                    "type": "aws_ebs_volume",
                    "depends_on": [],
                    "primary": {
                        "id": "vol-00bebd342c1205877",
                        "attributes": {
                            "availability_zone": "us-east-1b",
                            "encrypted": "true",
                            "id": "vol-00bebd342c1205877",
                            "size": "500",
                            "snapshot_id": "",
                            "tags.%": "7",
                            "tags.Account_name": "jive-reco-pipeline",
                            "tags.Jive_service": "upena",
                            "tags.Name": "us-east-1-jive-reco-pipeline-newpena-data-i2-v0",
                            "tags.Pipeline_phase": "test",
                            "tags.Region": "us-east-1",
                            "tags.SLA": "non-prod",
                            "tags.Service_component": "upena-data",
                            "type": "st1"
                        },
                        "meta": {},
                        "tainted": false
                    },
                    "deposed": [],
                    "provider": ""
                },
                "aws_ebs_volume.upena_data_i2_v1": {
                    "type": "aws_ebs_volume",
                    "depends_on": [],
                    "primary": {
                        "id": "vol-0145f86eecf279c6a",
                        "attributes": {
                            "availability_zone": "us-east-1b",
                            "encrypted": "true",
                            "id": "vol-0145f86eecf279c6a",
                            "size": "2000",
                            "snapshot_id": "",
                            "tags.%": "7",
                            "tags.Account_name": "jive-reco-pipeline",
                            "tags.Jive_service": "upena",
                            "tags.Name": "us-east-1-jive-reco-pipeline-newpena-data-i2-v1",
                            "tags.Pipeline_phase": "test",
                            "tags.Region": "us-east-1",
                            "tags.SLA": "non-prod",
                            "tags.Service_component": "upena-data",
                            "type": "st1"
                        },
                        "meta": {},
                        "tainted": false
                    },
                    "deposed": [],
                    "provider": ""
                },
                "aws_ebs_volume.upena_data_i2_v2": {
                    "type": "aws_ebs_volume",
                    "depends_on": [],
                    "primary": {
                        "id": "vol-07e0275ffc375a956",
                        "attributes": {
                            "availability_zone": "us-east-1b",
                            "encrypted": "true",
                            "id": "vol-07e0275ffc375a956",
                            "size": "2000",
                            "snapshot_id": "",
                            "tags.%": "7",
                            "tags.Account_name": "jive-reco-pipeline",
                            "tags.Jive_service": "upena",
                            "tags.Name": "us-east-1-jive-reco-pipeline-newpena-data-i2-v2",
                            "tags.Pipeline_phase": "test",
                            "tags.Region": "us-east-1",
                            "tags.SLA": "non-prod",
                            "tags.Service_component": "upena-data",
                            "type": "st1"
                        },
                        "meta": {},
                        "tainted": false
                    },
                    "deposed": [],
                    "provider": ""
                },
                "aws_ebs_volume.upena_data_i2_v3": {
                    "type": "aws_ebs_volume",
                    "depends_on": [],
                    "primary": {
                        "id": "vol-0169013753ec100cd",
                        "attributes": {
                            "availability_zone": "us-east-1b",
                            "encrypted": "true",
                            "id": "vol-0169013753ec100cd",
                            "size": "2000",
                            "snapshot_id": "",
                            "tags.%": "7",
                            "tags.Account_name": "jive-reco-pipeline",
                            "tags.Jive_service": "upena",
                            "tags.Name": "us-east-1-jive-reco-pipeline-newpena-data-i2-v3",
                            "tags.Pipeline_phase": "test",
                            "tags.Region": "us-east-1",
                            "tags.SLA": "non-prod",
                            "tags.Service_component": "upena-data",
                            "type": "st1"
                        },
                        "meta": {},
                        "tainted": false
                    },
                    "deposed": [],
                    "provider": ""
                },
                "aws_ebs_volume.upena_data_i3_v0": {
                    "type": "aws_ebs_volume",
                    "depends_on": [],
                    "primary": {
                        "id": "vol-0c4649d9a35299a65",
                        "attributes": {
                            "availability_zone": "us-east-1c",
                            "encrypted": "true",
                            "id": "vol-0c4649d9a35299a65",
                            "size": "500",
                            "snapshot_id": "",
                            "tags.%": "7",
                            "tags.Account_name": "jive-reco-pipeline",
                            "tags.Jive_service": "upena",
                            "tags.Name": "us-east-1-jive-reco-pipeline-newpena-data-i3-v0",
                            "tags.Pipeline_phase": "test",
                            "tags.Region": "us-east-1",
                            "tags.SLA": "non-prod",
                            "tags.Service_component": "upena-data",
                            "type": "st1"
                        },
                        "meta": {},
                        "tainted": false
                    },
                    "deposed": [],
                    "provider": ""
                },
                "aws_ebs_volume.upena_data_i3_v1": {
                    "type": "aws_ebs_volume",
                    "depends_on": [],
                    "primary": {
                        "id": "vol-02e5e14e3e3955773",
                        "attributes": {
                            "availability_zone": "us-east-1c",
                            "encrypted": "true",
                            "id": "vol-02e5e14e3e3955773",
                            "size": "2000",
                            "snapshot_id": "",
                            "tags.%": "7",
                            "tags.Account_name": "jive-reco-pipeline",
                            "tags.Jive_service": "upena",
                            "tags.Name": "us-east-1-jive-reco-pipeline-newpena-data-i3-v1",
                            "tags.Pipeline_phase": "test",
                            "tags.Region": "us-east-1",
                            "tags.SLA": "non-prod",
                            "tags.Service_component": "upena-data",
                            "type": "st1"
                        },
                        "meta": {},
                        "tainted": false
                    },
                    "deposed": [],
                    "provider": ""
                },
                "aws_ebs_volume.upena_data_i3_v2": {
                    "type": "aws_ebs_volume",
                    "depends_on": [],
                    "primary": {
                        "id": "vol-00744155495a31a0b",
                        "attributes": {
                            "availability_zone": "us-east-1c",
                            "encrypted": "true",
                            "id": "vol-00744155495a31a0b",
                            "size": "2000",
                            "snapshot_id": "",
                            "tags.%": "7",
                            "tags.Account_name": "jive-reco-pipeline",
                            "tags.Jive_service": "upena",
                            "tags.Name": "us-east-1-jive-reco-pipeline-newpena-data-i3-v2",
                            "tags.Pipeline_phase": "test",
                            "tags.Region": "us-east-1",
                            "tags.SLA": "non-prod",
                            "tags.Service_component": "upena-data",
                            "type": "st1"
                        },
                        "meta": {},
                        "tainted": false
                    },
                    "deposed": [],
                    "provider": ""
                },
                "aws_ebs_volume.upena_data_i3_v3": {
                    "type": "aws_ebs_volume",
                    "depends_on": [],
                    "primary": {
                        "id": "vol-035ba3b9c5348f843",
                        "attributes": {
                            "availability_zone": "us-east-1c",
                            "encrypted": "true",
                            "id": "vol-035ba3b9c5348f843",
                            "size": "2000",
                            "snapshot_id": "",
                            "tags.%": "7",
                            "tags.Account_name": "jive-reco-pipeline",
                            "tags.Jive_service": "upena",
                            "tags.Name": "us-east-1-jive-reco-pipeline-newpena-data-i3-v3",
                            "tags.Pipeline_phase": "test",
                            "tags.Region": "us-east-1",
                            "tags.SLA": "non-prod",
                            "tags.Service_component": "upena-data",
                            "type": "st1"
                        },
                        "meta": {},
                        "tainted": false
                    },
                    "deposed": [],
                    "provider": ""
                },
                "aws_instance.upena_data_i1": {
                    "type": "aws_instance",
                    "depends_on": [
                        "aws_security_group.upena_data_sg"
                    ],
                    "primary": {
                        "id": "i-0d2283ee0ae737456",
                        "attributes": {
                            "ami": "ami-a4c7edb2",
                            "associate_public_ip_address": "false",
                            "availability_zone": "us-east-1a",
                            "disable_api_termination": "false",
                            "ebs_block_device.#": "0",
                            "ebs_optimized": "true",
                            "ephemeral_block_device.#": "0",
                            "iam_instance_profile": "upena-profile",
                            "id": "i-0d2283ee0ae737456",
                            "instance_state": "running",
                            "instance_type": "m4.2xlarge",
                            "ipv6_address_count": "0",
                            "ipv6_addresses.#": "0",
                            "key_name": "reco-pipeline",
                            "monitoring": "false",
                            "network_interface.#": "0",
                            "network_interface_id": "eni-db6c1275",
                            "primary_network_interface_id": "eni-db6c1275",
                            "private_dns": "ip-10-126-20-122.ec2.internal",
                            "private_ip": "10.126.20.122",
                            "public_dns": "",
                            "public_ip": "",
                            "root_block_device.#": "1",
                            "root_block_device.0.delete_on_termination": "true",
                            "root_block_device.0.iops": "0",
                            "root_block_device.0.volume_size": "8",
                            "root_block_device.0.volume_type": "standard",
                            "security_groups.#": "0",
                            "source_dest_check": "true",
                            "subnet_id": "subnet-a17aee8d",
                            "tags.%": "7",
                            "tags.Account_name": "jive-reco-pipeline",
                            "tags.Jive_service": "upena",
                            "tags.Name": "us-east-1-jive-reco-pipeline-newpena-data-i1",
                            "tags.Pipeline_phase": "test",
                            "tags.Region": "us-east-1",
                            "tags.SLA": "non-prod",
                            "tags.Service_component": "upena-data",
                            "tenancy": "default",
                            "user_data": "45408852e0b00c5ba08fca17e6f3d88d2df835ff",
                            "volume_tags.%": "0",
                            "vpc_security_group_ids.#": "2",
                            "vpc_security_group_ids.2272493783": "sg-45031d34",
                            "vpc_security_group_ids.4093346197": "sg-87e39bf6"
                        },
                        "meta": {
                            "schema_version": "1"
                        },
                        "tainted": false
                    },
                    "deposed": [],
                    "provider": ""
                },
                "aws_instance.upena_data_i2": {
                    "type": "aws_instance",
                    "depends_on": [
                        "aws_security_group.upena_data_sg"
                    ],
                    "primary": {
                        "id": "i-063b7f17d0ca9a953",
                        "attributes": {
                            "ami": "ami-a4c7edb2",
                            "associate_public_ip_address": "false",
                            "availability_zone": "us-east-1b",
                            "disable_api_termination": "false",
                            "ebs_block_device.#": "0",
                            "ebs_optimized": "true",
                            "ephemeral_block_device.#": "0",
                            "iam_instance_profile": "upena-profile",
                            "id": "i-063b7f17d0ca9a953",
                            "instance_state": "running",
                            "instance_type": "m4.2xlarge",
                            "ipv6_address_count": "0",
                            "ipv6_addresses.#": "0",
                            "key_name": "reco-pipeline",
                            "monitoring": "false",
                            "network_interface.#": "0",
                            "network_interface_id": "eni-41bc5c94",
                            "primary_network_interface_id": "eni-41bc5c94",
                            "private_dns": "ip-10-126-20-236.ec2.internal",
                            "private_ip": "10.126.20.236",
                            "public_dns": "",
                            "public_ip": "",
                            "root_block_device.#": "1",
                            "root_block_device.0.delete_on_termination": "true",
                            "root_block_device.0.iops": "0",
                            "root_block_device.0.volume_size": "8",
                            "root_block_device.0.volume_type": "standard",
                            "security_groups.#": "0",
                            "source_dest_check": "true",
                            "subnet_id": "subnet-b4450afc",
                            "tags.%": "7",
                            "tags.Account_name": "jive-reco-pipeline",
                            "tags.Jive_service": "upena",
                            "tags.Name": "us-east-1-jive-reco-pipeline-newpena-data-i2",
                            "tags.Pipeline_phase": "test",
                            "tags.Region": "us-east-1",
                            "tags.SLA": "non-prod",
                            "tags.Service_component": "upena-data",
                            "tenancy": "default",
                            "user_data": "45408852e0b00c5ba08fca17e6f3d88d2df835ff",
                            "volume_tags.%": "0",
                            "vpc_security_group_ids.#": "2",
                            "vpc_security_group_ids.2272493783": "sg-45031d34",
                            "vpc_security_group_ids.4093346197": "sg-87e39bf6"
                        },
                        "meta": {
                            "schema_version": "1"
                        },
                        "tainted": false
                    },
                    "deposed": [],
                    "provider": ""
                },
                "aws_instance.upena_data_i3": {
                    "type": "aws_instance",
                    "depends_on": [
                        "aws_security_group.upena_data_sg"
                    ],
                    "primary": {
                        "id": "i-03d5f45eda389b347",
                        "attributes": {
                            "ami": "ami-a4c7edb2",
                            "associate_public_ip_address": "false",
                            "availability_zone": "us-east-1c",
                            "disable_api_termination": "false",
                            "ebs_block_device.#": "0",
                            "ebs_optimized": "true",
                            "ephemeral_block_device.#": "0",
                            "iam_instance_profile": "upena-profile",
                            "id": "i-03d5f45eda389b347",
                            "instance_state": "running",
                            "instance_type": "m4.2xlarge",
                            "ipv6_address_count": "0",
                            "ipv6_addresses.#": "0",
                            "key_name": "reco-pipeline",
                            "monitoring": "false",
                            "network_interface.#": "0",
                            "network_interface_id": "eni-a92d2001",
                            "primary_network_interface_id": "eni-a92d2001",
                            "private_dns": "ip-10-126-21-5.ec2.internal",
                            "private_ip": "10.126.21.5",
                            "public_dns": "",
                            "public_ip": "",
                            "root_block_device.#": "1",
                            "root_block_device.0.delete_on_termination": "true",
                            "root_block_device.0.iops": "0",
                            "root_block_device.0.volume_size": "8",
                            "root_block_device.0.volume_type": "standard",
                            "security_groups.#": "0",
                            "source_dest_check": "true",
                            "subnet_id": "subnet-14139f4e",
                            "tags.%": "7",
                            "tags.Account_name": "jive-reco-pipeline",
                            "tags.Jive_service": "upena",
                            "tags.Name": "us-east-1-jive-reco-pipeline-newpena-data-i3",
                            "tags.Pipeline_phase": "test",
                            "tags.Region": "us-east-1",
                            "tags.SLA": "non-prod",
                            "tags.Service_component": "upena-data",
                            "tenancy": "default",
                            "user_data": "45408852e0b00c5ba08fca17e6f3d88d2df835ff",
                            "volume_tags.%": "0",
                            "vpc_security_group_ids.#": "2",
                            "vpc_security_group_ids.2272493783": "sg-45031d34",
                            "vpc_security_group_ids.4093346197": "sg-87e39bf6"
                        },
                        "meta": {
                            "schema_version": "1"
                        },
                        "tainted": false
                    },
                    "deposed": [],
                    "provider": ""
                },
                "aws_route53_record.newpena_data_ri1": {
                    "type": "aws_route53_record",
                    "depends_on": [
                        "aws_instance.upena_data_i1"
                    ],
                    "primary": {
                        "id": "Z17UOFXP4LI2IE_us-east-1-jive-reco-pipeline-newpena-data-i1_A",
                        "attributes": {
                            "fqdn": "us-east-1-jive-reco-pipeline-newpena-data-i1.jiveprivate.com",
                            "health_check_id": "",
                            "id": "Z17UOFXP4LI2IE_us-east-1-jive-reco-pipeline-newpena-data-i1_A",
                            "name": "us-east-1-jive-reco-pipeline-newpena-data-i1",
                            "records.#": "1",
                            "records.3875452399": "10.126.20.122",
                            "set_identifier": "",
                            "ttl": "60",
                            "type": "A",
                            "zone_id": "Z17UOFXP4LI2IE"
                        },
                        "meta": {
                            "schema_version": "2"
                        },
                        "tainted": false
                    },
                    "deposed": [],
                    "provider": ""
                },
                "aws_route53_record.newpena_data_ri2": {
                    "type": "aws_route53_record",
                    "depends_on": [
                        "aws_instance.upena_data_i2"
                    ],
                    "primary": {
                        "id": "Z17UOFXP4LI2IE_us-east-1-jive-reco-pipeline-newpena-data-i2_A",
                        "attributes": {
                            "fqdn": "us-east-1-jive-reco-pipeline-newpena-data-i2.jiveprivate.com",
                            "health_check_id": "",
                            "id": "Z17UOFXP4LI2IE_us-east-1-jive-reco-pipeline-newpena-data-i2_A",
                            "name": "us-east-1-jive-reco-pipeline-newpena-data-i2",
                            "records.#": "1",
                            "records.4207869678": "10.126.20.236",
                            "set_identifier": "",
                            "ttl": "60",
                            "type": "A",
                            "zone_id": "Z17UOFXP4LI2IE"
                        },
                        "meta": {
                            "schema_version": "2"
                        },
                        "tainted": false
                    },
                    "deposed": [],
                    "provider": ""
                },
                "aws_route53_record.newpena_data_ri3": {
                    "type": "aws_route53_record",
                    "depends_on": [
                        "aws_instance.upena_data_i3"
                    ],
                    "primary": {
                        "id": "Z17UOFXP4LI2IE_us-east-1-jive-reco-pipeline-newpena-data-i3_A",
                        "attributes": {
                            "fqdn": "us-east-1-jive-reco-pipeline-newpena-data-i3.jiveprivate.com",
                            "health_check_id": "",
                            "id": "Z17UOFXP4LI2IE_us-east-1-jive-reco-pipeline-newpena-data-i3_A",
                            "name": "us-east-1-jive-reco-pipeline-newpena-data-i3",
                            "records.#": "1",
                            "records.1490362102": "10.126.21.5",
                            "set_identifier": "",
                            "ttl": "60",
                            "type": "A",
                            "zone_id": "Z17UOFXP4LI2IE"
                        },
                        "meta": {
                            "schema_version": "2"
                        },
                        "tainted": false
                    },
                    "deposed": [],
                    "provider": ""
                },
                "aws_security_group.upena_data_sg": {
                    "type": "aws_security_group",
                    "depends_on": [],
                    "primary": {
                        "id": "sg-45031d34",
                        "attributes": {
                            "description": "Allows necessary communication between upena-data instances",
                            "egress.#": "0",
                            "id": "sg-45031d34",
                            "ingress.#": "2",
                            "ingress.1251094559.cidr_blocks.#": "1",
                            "ingress.1251094559.cidr_blocks.0": "0.0.0.0/0",
                            "ingress.1251094559.from_port": "1175",
                            "ingress.1251094559.ipv6_cidr_blocks.#": "0",
                            "ingress.1251094559.protocol": "tcp",
                            "ingress.1251094559.security_groups.#": "0",
                            "ingress.1251094559.self": "false",
                            "ingress.1251094559.to_port": "1175",
                            "ingress.3258786324.cidr_blocks.#": "1",
                            "ingress.3258786324.cidr_blocks.0": "0.0.0.0/0",
                            "ingress.3258786324.from_port": "10000",
                            "ingress.3258786324.ipv6_cidr_blocks.#": "0",
                            "ingress.3258786324.protocol": "tcp",
                            "ingress.3258786324.security_groups.#": "0",
                            "ingress.3258786324.self": "false",
                            "ingress.3258786324.to_port": "11000",
                            "name": "test-upena-data",
                            "owner_id": "642745549043",
                            "tags.%": "7",
                            "tags.Account_name": "jive-reco-pipeline",
                            "tags.Jive_service": "upena",
                            "tags.Name": "test-upena-data",
                            "tags.Pipeline_phase": "test",
                            "tags.Region": "us-east-1",
                            "tags.SLA": "non-prod",
                            "tags.Service_component": "upena-data",
                            "vpc_id": "vpc-fe43de87"
                        },
                        "meta": {},
                        "tainted": false
                    },
                    "deposed": [],
                    "provider": ""
                },
                "aws_volume_attachment.upena_data_i1_av0": {
                    "type": "aws_volume_attachment",
                    "depends_on": [
                        "aws_ebs_volume.upena_data_i1_v0",
                        "aws_instance.upena_data_i1"
                    ],
                    "primary": {
                        "id": "vai-3423521505",
                        "attributes": {
                            "device_name": "/dev/sdd",
                            "force_detach": "true",
                            "id": "vai-3423521505",
                            "instance_id": "i-0d2283ee0ae737456",
                            "volume_id": "vol-0ec0b64ecb7e095bd"
                        },
                        "meta": {},
                        "tainted": false
                    },
                    "deposed": [],
                    "provider": ""
                },
                "aws_volume_attachment.upena_data_i1_av1": {
                    "type": "aws_volume_attachment",
                    "depends_on": [
                        "aws_ebs_volume.upena_data_i1_v1",
                        "aws_instance.upena_data_i1"
                    ],
                    "primary": {
                        "id": "vai-3009543714",
                        "attributes": {
                            "device_name": "/dev/sde",
                            "force_detach": "true",
                            "id": "vai-3009543714",
                            "instance_id": "i-0d2283ee0ae737456",
                            "volume_id": "vol-086f476c0866243a2"
                        },
                        "meta": {},
                        "tainted": false
                    },
                    "deposed": [],
                    "provider": ""
                },
                "aws_volume_attachment.upena_data_i1_av2": {
                    "type": "aws_volume_attachment",
                    "depends_on": [
                        "aws_ebs_volume.upena_data_i1_v2",
                        "aws_instance.upena_data_i1"
                    ],
                    "primary": {
                        "id": "vai-3721886876",
                        "attributes": {
                            "device_name": "/dev/sdf",
                            "force_detach": "true",
                            "id": "vai-3721886876",
                            "instance_id": "i-0d2283ee0ae737456",
                            "volume_id": "vol-0549ba2e7572f11f3"
                        },
                        "meta": {},
                        "tainted": false
                    },
                    "deposed": [],
                    "provider": ""
                },
                "aws_volume_attachment.upena_data_i1_av3": {
                    "type": "aws_volume_attachment",
                    "depends_on": [
                        "aws_ebs_volume.upena_data_i1_v3",
                        "aws_instance.upena_data_i1"
                    ],
                    "primary": {
                        "id": "vai-265663893",
                        "attributes": {
                            "device_name": "/dev/sdg",
                            "force_detach": "true",
                            "id": "vai-265663893",
                            "instance_id": "i-0d2283ee0ae737456",
                            "volume_id": "vol-00ba72a2a55e5ae25"
                        },
                        "meta": {},
                        "tainted": false
                    },
                    "deposed": [],
                    "provider": ""
                },
                "aws_volume_attachment.upena_data_i2_av0": {
                    "type": "aws_volume_attachment",
                    "depends_on": [
                        "aws_ebs_volume.upena_data_i2_v0",
                        "aws_instance.upena_data_i2"
                    ],
                    "primary": {
                        "id": "vai-275502549",
                        "attributes": {
                            "device_name": "/dev/sdd",
                            "force_detach": "true",
                            "id": "vai-275502549",
                            "instance_id": "i-063b7f17d0ca9a953",
                            "volume_id": "vol-00bebd342c1205877"
                        },
                        "meta": {},
                        "tainted": false
                    },
                    "deposed": [],
                    "provider": ""
                },
                "aws_volume_attachment.upena_data_i2_av1": {
                    "type": "aws_volume_attachment",
                    "depends_on": [
                        "aws_ebs_volume.upena_data_i2_v1",
                        "aws_instance.upena_data_i2"
                    ],
                    "primary": {
                        "id": "vai-776647986",
                        "attributes": {
                            "device_name": "/dev/sde",
                            "force_detach": "true",
                            "id": "vai-776647986",
                            "instance_id": "i-063b7f17d0ca9a953",
                            "volume_id": "vol-0145f86eecf279c6a"
                        },
                        "meta": {},
                        "tainted": false
                    },
                    "deposed": [],
                    "provider": ""
                },
                "aws_volume_attachment.upena_data_i2_av2": {
                    "type": "aws_volume_attachment",
                    "depends_on": [
                        "aws_ebs_volume.upena_data_i2_v2",
                        "aws_instance.upena_data_i2"
                    ],
                    "primary": {
                        "id": "vai-3883228843",
                        "attributes": {
                            "device_name": "/dev/sdf",
                            "force_detach": "true",
                            "id": "vai-3883228843",
                            "instance_id": "i-063b7f17d0ca9a953",
                            "volume_id": "vol-07e0275ffc375a956"
                        },
                        "meta": {},
                        "tainted": false
                    },
                    "deposed": [],
                    "provider": ""
                },
                "aws_volume_attachment.upena_data_i2_av3": {
                    "type": "aws_volume_attachment",
                    "depends_on": [
                        "aws_ebs_volume.upena_data_i2_v3",
                        "aws_instance.upena_data_i2"
                    ],
                    "primary": {
                        "id": "vai-2381892519",
                        "attributes": {
                            "device_name": "/dev/sdg",
                            "force_detach": "true",
                            "id": "vai-2381892519",
                            "instance_id": "i-063b7f17d0ca9a953",
                            "volume_id": "vol-0169013753ec100cd"
                        },
                        "meta": {},
                        "tainted": false
                    },
                    "deposed": [],
                    "provider": ""
                },
                "aws_volume_attachment.upena_data_i3_av0": {
                    "type": "aws_volume_attachment",
                    "depends_on": [
                        "aws_ebs_volume.upena_data_i3_v0",
                        "aws_instance.upena_data_i3"
                    ],
                    "primary": {
                        "id": "vai-3026389466",
                        "attributes": {
                            "device_name": "/dev/sdd",
                            "force_detach": "true",
                            "id": "vai-3026389466",
                            "instance_id": "i-03d5f45eda389b347",
                            "volume_id": "vol-0c4649d9a35299a65"
                        },
                        "meta": {},
                        "tainted": false
                    },
                    "deposed": [],
                    "provider": ""
                },
                "aws_volume_attachment.upena_data_i3_av1": {
                    "type": "aws_volume_attachment",
                    "depends_on": [
                        "aws_ebs_volume.upena_data_i3_v1",
                        "aws_instance.upena_data_i3"
                    ],
                    "primary": {
                        "id": "vai-4184038102",
                        "attributes": {
                            "device_name": "/dev/sde",
                            "force_detach": "true",
                            "id": "vai-4184038102",
                            "instance_id": "i-03d5f45eda389b347",
                            "volume_id": "vol-02e5e14e3e3955773"
                        },
                        "meta": {},
                        "tainted": false
                    },
                    "deposed": [],
                    "provider": ""
                },
                "aws_volume_attachment.upena_data_i3_av2": {
                    "type": "aws_volume_attachment",
                    "depends_on": [
                        "aws_ebs_volume.upena_data_i3_v2",
                        "aws_instance.upena_data_i3"
                    ],
                    "primary": {
                        "id": "vai-931489671",
                        "attributes": {
                            "device_name": "/dev/sdf",
                            "force_detach": "true",
                            "id": "vai-931489671",
                            "instance_id": "i-03d5f45eda389b347",
                            "volume_id": "vol-00744155495a31a0b"
                        },
                        "meta": {},
                        "tainted": false
                    },
                    "deposed": [],
                    "provider": ""
                },
                "aws_volume_attachment.upena_data_i3_av3": {
                    "type": "aws_volume_attachment",
                    "depends_on": [
                        "aws_ebs_volume.upena_data_i3_v3",
                        "aws_instance.upena_data_i3"
                    ],
                    "primary": {
                        "id": "vai-484435574",
                        "attributes": {
                            "device_name": "/dev/sdg",
                            "force_detach": "true",
                            "id": "vai-484435574",
                            "instance_id": "i-03d5f45eda389b347",
                            "volume_id": "vol-035ba3b9c5348f843"
                        },
                        "meta": {},
                        "tainted": false
                    },
                    "deposed": [],
                    "provider": ""
                }
            },
            "depends_on": []
        }
    ]
}
