{
    "version": 3,
    "terraform_version": "0.9.2",
    "serial": 18,
    "lineage": "c6627f70-88da-4270-b03c-35c925b1c660",
    "modules": [
        {
            "path": [
                "root"
            ],
            "outputs": {},
            "resources": {
                "aws_autoscaling_group.bastion": {
                    "type": "aws_autoscaling_group",
                    "depends_on": [
                        "aws_launch_configuration.bastion",
                        "aws_launch_configuration.bastion",
                        "aws_subnet.natdc"
                    ],
                    "primary": {
                        "id": "infra-prod-bastion-asg-terraform-006a621ad6d5c176dedf5e1dd7",
                        "attributes": {
                            "arn": "arn:aws:autoscaling:us-west-2:870846026232:autoScalingGroup:743cee7e-19f2-4d21-be23-8e2e6a5cd233:autoScalingGroupName/infra-prod-bastion-asg-terraform-006a621ad6d5c176dedf5e1dd7",
                            "availability_zones.#": "1",
                            "availability_zones.2487133097": "us-west-2a",
                            "default_cooldown": "300",
                            "desired_capacity": "1",
                            "force_delete": "false",
                            "health_check_grace_period": "300",
                            "health_check_type": "EC2",
                            "id": "infra-prod-bastion-asg-terraform-006a621ad6d5c176dedf5e1dd7",
                            "launch_configuration": "terraform-006a621ad6d5c176dedf5e1dd7",
                            "load_balancers.#": "0",
                            "max_size": "1",
                            "metrics_granularity": "1Minute",
                            "min_size": "1",
                            "name": "infra-prod-bastion-asg-terraform-006a621ad6d5c176dedf5e1dd7",
                            "placement_group": "",
                            "protect_from_scale_in": "false",
                            "suspended_processes.#": "0",
                            "tag.#": "8",
                            "tag.1510019939.key": "Jive_service",
                            "tag.1510019939.propagate_at_launch": "true",
                            "tag.1510019939.value": "infrastructure",
                            "tag.1816093544.key": "SLA",
                            "tag.1816093544.propagate_at_launch": "true",
                            "tag.1816093544.value": "prod",
                            "tag.2057912279.key": "Pipeline_phase",
                            "tag.2057912279.propagate_at_launch": "true",
                            "tag.2057912279.value": "infra-prod",
                            "tag.2776254688.key": "Service_component",
                            "tag.2776254688.propagate_at_launch": "true",
                            "tag.2776254688.value": "bastion",
                            "tag.3153515461.key": "Name",
                            "tag.3153515461.propagate_at_launch": "true",
                            "tag.3153515461.value": "infra-prod-bastion-instance",
                            "tag.853938758.key": "jive_service",
                            "tag.853938758.propagate_at_launch": "true",
                            "tag.853938758.value": "infrastructure",
                            "target_group_arns.#": "0",
                            "termination_policies.#": "0",
                            "vpc_zone_identifier.#": "1",
                            "vpc_zone_identifier.3129518120": "subnet-01448b77",
                            "wait_for_capacity_timeout": "10m"
                        },
                        "meta": {},
                        "tainted": false
                    },
                    "deposed": [],
                    "provider": ""
                },
                "aws_eip.natgw.0": {
                    "type": "aws_eip",
                    "depends_on": [],
                    "primary": {
                        "id": "eipalloc-f8f0969c",
                        "attributes": {
                            "association_id": "eipassoc-0e97ea34",
                            "domain": "vpc",
                            "id": "eipalloc-f8f0969c",
                            "instance": "",
                            "network_interface": "eni-11b98e2b",
                            "private_ip": "10.127.54.110",
                            "public_ip": "52.38.56.108",
                            "vpc": "true"
                        },
                        "meta": {},
                        "tainted": false
                    },
                    "deposed": [],
                    "provider": ""
                },
                "aws_eip.natgw.1": {
                    "type": "aws_eip",
                    "depends_on": [],
                    "primary": {
                        "id": "eipalloc-4a2eb770",
                        "attributes": {
                            "association_id": "eipassoc-8b96ebb1",
                            "domain": "vpc",
                            "id": "eipalloc-4a2eb770",
                            "instance": "",
                            "network_interface": "eni-61958249",
                            "private_ip": "10.127.54.137",
                            "public_ip": "52.40.10.182",
                            "vpc": "true"
                        },
                        "meta": {},
                        "tainted": false
                    },
                    "deposed": [],
                    "provider": ""
                },
                "aws_eip.natgw.2": {
                    "type": "aws_eip",
                    "depends_on": [],
                    "primary": {
                        "id": "eipalloc-962fb6ac",
                        "attributes": {
                            "association_id": "eipassoc-9693eeac",
                            "domain": "vpc",
                            "id": "eipalloc-962fb6ac",
                            "instance": "",
                            "network_interface": "eni-ec6520e0",
                            "private_ip": "10.127.54.179",
                            "public_ip": "52.37.132.249",
                            "vpc": "true"
                        },
                        "meta": {},
                        "tainted": false
                    },
                    "deposed": [],
                    "provider": ""
                },
                "aws_internet_gateway.igw": {
                    "type": "aws_internet_gateway",
                    "depends_on": [
                        "aws_vpc.main"
                    ],
                    "primary": {
                        "id": "igw-6819220d",
                        "attributes": {
                            "id": "igw-6819220d",
                            "tags.%": "5",
                            "tags.Name": "infra-prod-igw",
                            "tags.Pipeline_phase": "infra-prod",
                            "tags.Region": "us-west-2",
                            "tags.SLA": "prod",
                            "vpc_id": "vpc-46ae0022"
                        },
                        "meta": {},
                        "tainted": false
                    },
                    "deposed": [],
                    "provider": ""
                },
                "aws_launch_configuration.bastion": {
                    "type": "aws_launch_configuration",
                    "depends_on": [],
                    "primary": {
                        "id": "terraform-006a621ad6d5c176dedf5e1dd7",
                        "attributes": {
                            "associate_public_ip_address": "false",
                            "ebs_optimized": "false",
                            "enable_monitoring": "true",
                            "iam_instance_profile": "eni-attach-profile",
                            "id": "terraform-006a621ad6d5c176dedf5e1dd7",
                            "image_id": "ami-d2c924b2",
                            "instance_type": "t2.medium",
                            "key_name": "reco-prod",
                            "name": "terraform-006a621ad6d5c176dedf5e1dd7",
                            "root_block_device.#": "1",
                            "root_block_device.0.delete_on_termination": "true",
                            "root_block_device.0.iops": "0",
                            "root_block_device.0.volume_size": "25",
                            "root_block_device.0.volume_type": "",
                            "security_groups.#": "1",
                            "security_groups.3576266630": "sg-c9fef8ae",
                            "spot_price": "",
                            "user_data": "608363ca9fe03f312e10efb70627f11f98be0174",
                            "vpc_classic_link_id": "",
                            "vpc_classic_link_security_groups.#": "0"
                        },
                        "meta": {},
                        "tainted": false
                    },
                    "deposed": [],
                    "provider": ""
                },
                "aws_nat_gateway.natgw.0": {
                    "type": "aws_nat_gateway",
                    "depends_on": [
                        "aws_eip.natgw.*",
                        "aws_internet_gateway.igw",
                        "aws_subnet.public.*"
                    ],
                    "primary": {
                        "id": "nat-073981977be702881",
                        "attributes": {
                            "allocation_id": "eipalloc-f8f0969c",
                            "id": "nat-073981977be702881",
                            "network_interface_id": "eni-11b98e2b",
                            "private_ip": "10.127.54.110",
                            "public_ip": "52.38.56.108",
                            "subnet_id": "subnet-02448b74"
                        },
                        "meta": {},
                        "tainted": false
                    },
                    "deposed": [],
                    "provider": ""
                },
                "aws_nat_gateway.natgw.1": {
                    "type": "aws_nat_gateway",
                    "depends_on": [
                        "aws_eip.natgw.*",
                        "aws_internet_gateway.igw",
                        "aws_subnet.public.*"
                    ],
                    "primary": {
                        "id": "nat-0edc82b809d9ef754",
                        "attributes": {
                            "allocation_id": "eipalloc-4a2eb770",
                            "id": "nat-0edc82b809d9ef754",
                            "network_interface_id": "eni-61958249",
                            "private_ip": "10.127.54.137",
                            "public_ip": "52.40.10.182",
                            "subnet_id": "subnet-c7fd48a3"
                        },
                        "meta": {},
                        "tainted": false
                    },
                    "deposed": [],
                    "provider": ""
                },
                "aws_nat_gateway.natgw.2": {
                    "type": "aws_nat_gateway",
                    "depends_on": [
                        "aws_eip.natgw.*",
                        "aws_internet_gateway.igw",
                        "aws_subnet.public.*"
                    ],
                    "primary": {
                        "id": "nat-09eaef900629e370f",
                        "attributes": {
                            "allocation_id": "eipalloc-962fb6ac",
                            "id": "nat-09eaef900629e370f",
                            "network_interface_id": "eni-ec6520e0",
                            "private_ip": "10.127.54.179",
                            "public_ip": "52.37.132.249",
                            "subnet_id": "subnet-0acad453"
                        },
                        "meta": {},
                        "tainted": false
                    },
                    "deposed": [],
                    "provider": ""
                },
                "aws_network_interface.bastion": {
                    "type": "aws_network_interface",
                    "depends_on": [
                        "aws_security_group.jive_phx_dc",
                        "aws_subnet.natdc"
                    ],
                    "primary": {
                        "id": "eni-0be74f46",
                        "attributes": {
                            "attachment.#": "1",
                            "attachment.3130064797.attachment_id": "eni-attach-3b509543",
                            "attachment.3130064797.device_index": "1",
                            "attachment.3130064797.instance": "i-0ca7555784cf0479a",
                            "description": "",
                            "id": "eni-0be74f46",
                            "private_ips.#": "1",
                            "private_ips.3868939821": "10.127.54.7",
                            "security_groups.#": "1",
                            "security_groups.3576266630": "sg-c9fef8ae",
                            "source_dest_check": "true",
                            "subnet_id": "subnet-01448b77",
                            "tags.%": "7",
                            "tags.Name": "infra-prod-bastion-instance",
                            "tags.account_name": "jive-reco-prod",
                            "tags.jive_service": "infrastructure",
                            "tags.pipeline_phase": "infra-prod",
                            "tags.region": "us-west-2",
                            "tags.service_component": "bastion",
                            "tags.sla": "prod"
                        },
                        "meta": {},
                        "tainted": false
                    },
                    "deposed": [],
                    "provider": ""
                },
                "aws_route53_record.bastion": {
                    "type": "aws_route53_record",
                    "depends_on": [],
                    "primary": {
                        "id": "Z3G5VQCYCT435Y_bastion-us-west-2-jive-reco-prod_A",
                        "attributes": {
                            "fqdn": "bastion-us-west-2-jive-reco-prod.jiveprivate.com",
                            "health_check_id": "",
                            "id": "Z3G5VQCYCT435Y_bastion-us-west-2-jive-reco-prod_A",
                            "name": "bastion-us-west-2-jive-reco-prod",
                            "records.#": "1",
                            "records.3868939821": "10.127.54.7",
                            "set_identifier": "",
                            "ttl": "60",
                            "type": "A",
                            "zone_id": "Z3G5VQCYCT435Y"
                        },
                        "meta": {
                            "schema_version": "2"
                        },
                        "tainted": false
                    },
                    "deposed": [],
                    "provider": ""
                },
                "aws_route53_zone_association.route53": {
                    "type": "aws_route53_zone_association",
                    "depends_on": [
                        "aws_vpc.main"
                    ],
                    "primary": {
                        "id": "Z3G5VQCYCT435Y:vpc-46ae0022",
                        "attributes": {
                            "id": "Z3G5VQCYCT435Y:vpc-46ae0022",
                            "vpc_id": "vpc-46ae0022",
                            "vpc_region": "us-west-2",
                            "zone_id": "Z3G5VQCYCT435Y"
                        },
                        "meta": {},
                        "tainted": false
                    },
                    "deposed": [],
                    "provider": ""
                },
                "aws_route_table.natdc.0": {
                    "type": "aws_route_table",
                    "depends_on": [
                        "aws_nat_gateway.natgw",
                        "aws_vpc.main",
                        "aws_vpn_gateway.vgw"
                    ],
                    "primary": {
                        "id": "rtb-169f0972",
                        "attributes": {
                            "id": "rtb-169f0972",
                            "propagating_vgws.#": "1",
                            "propagating_vgws.3052671842": "vgw-79af7667",
                            "route.#": "3",
                            "route.1041284262.cidr_block": "10.126.96.0/20",
                            "route.1041284262.egress_only_gateway_id": "",
                            "route.1041284262.gateway_id": "",
                            "route.1041284262.instance_id": "",
                            "route.1041284262.ipv6_cidr_block": "",
                            "route.1041284262.nat_gateway_id": "",
                            "route.1041284262.network_interface_id": "",
                            "route.1041284262.vpc_peering_connection_id": "pcx-9373d9fa",
                            "route.1152209812.cidr_block": "10.126.80.0/20",
                            "route.1152209812.egress_only_gateway_id": "",
                            "route.1152209812.gateway_id": "",
                            "route.1152209812.instance_id": "",
                            "route.1152209812.ipv6_cidr_block": "",
                            "route.1152209812.nat_gateway_id": "",
                            "route.1152209812.network_interface_id": "",
                            "route.1152209812.vpc_peering_connection_id": "pcx-18cd7571",
                            "route.2694372017.cidr_block": "0.0.0.0/0",
                            "route.2694372017.egress_only_gateway_id": "",
                            "route.2694372017.gateway_id": "",
                            "route.2694372017.instance_id": "",
                            "route.2694372017.ipv6_cidr_block": "",
                            "route.2694372017.nat_gateway_id": "nat-0edc82b809d9ef754",
                            "route.2694372017.network_interface_id": "",
                            "route.2694372017.vpc_peering_connection_id": "",
                            "tags.%": "5",
                            "tags.Name": "infra-prod-natdc-routetable",
                            "tags.account_name": "jive-reco-prod",
                            "tags.pipeline_phase": "infra-prod",
                            "tags.region": "us-west-2",
                            "tags.sla": "prod",
                            "vpc_id": "vpc-46ae0022"
                        },
                        "meta": {},
                        "tainted": false
                    },
                    "deposed": [],
                    "provider": ""
                },
                "aws_route_table.natdc.1": {
                    "type": "aws_route_table",
                    "depends_on": [
                        "aws_nat_gateway.natgw.*",
                        "aws_vpc.main",
                        "aws_vpn_gateway.vgw"
                    ],
                    "primary": {
                        "id": "rtb-e7f52a81",
                        "attributes": {
                            "id": "rtb-e7f52a81",
                            "propagating_vgws.#": "1",
                            "propagating_vgws.3052671842": "vgw-79af7667",
                            "route.#": "2",
                            "route.1041284262.cidr_block": "10.126.96.0/20",
                            "route.1041284262.egress_only_gateway_id": "",
                            "route.1041284262.gateway_id": "",
                            "route.1041284262.instance_id": "",
                            "route.1041284262.ipv6_cidr_block": "",
                            "route.1041284262.nat_gateway_id": "",
                            "route.1041284262.network_interface_id": "",
                            "route.1041284262.vpc_peering_connection_id": "pcx-9373d9fa",
                            "route.2694372017.cidr_block": "0.0.0.0/0",
                            "route.2694372017.egress_only_gateway_id": "",
                            "route.2694372017.gateway_id": "",
                            "route.2694372017.instance_id": "",
                            "route.2694372017.ipv6_cidr_block": "",
                            "route.2694372017.nat_gateway_id": "nat-0edc82b809d9ef754",
                            "route.2694372017.network_interface_id": "",
                            "route.2694372017.vpc_peering_connection_id": "",
                            "tags.%": "5",
                            "tags.Name": "infra-prod-natdc-routetable",
                            "tags.account_name": "jive-reco-prod",
                            "tags.pipeline_phase": "infra-prod",
                            "tags.region": "us-west-2",
                            "tags.sla": "prod",
                            "vpc_id": "vpc-46ae0022"
                        },
                        "meta": {},
                        "tainted": false
                    },
                    "deposed": [],
                    "provider": ""
                },
                "aws_route_table.natdc.2": {
                    "type": "aws_route_table",
                    "depends_on": [
                        "aws_nat_gateway.natgw.*",
                        "aws_vpc.main",
                        "aws_vpn_gateway.vgw"
                    ],
                    "primary": {
                        "id": "rtb-8ef22de8",
                        "attributes": {
                            "id": "rtb-8ef22de8",
                            "propagating_vgws.#": "1",
                            "propagating_vgws.3052671842": "vgw-79af7667",
                            "route.#": "2",
                            "route.1041284262.cidr_block": "10.126.96.0/20",
                            "route.1041284262.egress_only_gateway_id": "",
                            "route.1041284262.gateway_id": "",
                            "route.1041284262.instance_id": "",
                            "route.1041284262.ipv6_cidr_block": "",
                            "route.1041284262.nat_gateway_id": "",
                            "route.1041284262.network_interface_id": "",
                            "route.1041284262.vpc_peering_connection_id": "pcx-9373d9fa",
                            "route.759734051.cidr_block": "0.0.0.0/0",
                            "route.759734051.egress_only_gateway_id": "",
                            "route.759734051.gateway_id": "",
                            "route.759734051.instance_id": "",
                            "route.759734051.ipv6_cidr_block": "",
                            "route.759734051.nat_gateway_id": "nat-09eaef900629e370f",
                            "route.759734051.network_interface_id": "",
                            "route.759734051.vpc_peering_connection_id": "",
                            "tags.%": "5",
                            "tags.Name": "infra-prod-natdc-routetable",
                            "tags.Pipeline_phase": "infra-prod",
                            "tags.Region": "us-west-2",
                            "tags.SLA": "prod",
                            "vpc_id": "vpc-46ae0022"
                        },
                        "meta": {},
                        "tainted": false
                    },
                    "deposed": [],
                    "provider": ""
                },
                "aws_route_table.private": {
                    "type": "aws_route_table",
                    "depends_on": [
                        "aws_vpc.main"
                    ],
                    "primary": {
                        "id": "rtb-689f090c",
                        "attributes": {
                            "id": "rtb-689f090c",
                            "propagating_vgws.#": "0",
                            "route.#": "2",
                            "route.1041284262.cidr_block": "10.126.96.0/20",
                            "route.1041284262.egress_only_gateway_id": "",
                            "route.1041284262.gateway_id": "",
                            "route.1041284262.instance_id": "",
                            "route.1041284262.ipv6_cidr_block": "",
                            "route.1041284262.nat_gateway_id": "",
                            "route.1041284262.network_interface_id": "",
                            "route.1041284262.vpc_peering_connection_id": "pcx-9373d9fa",
                            "route.1152209812.cidr_block": "10.126.80.0/20",
                            "route.1152209812.egress_only_gateway_id": "",
                            "route.1152209812.gateway_id": "",
                            "route.1152209812.instance_id": "",
                            "route.1152209812.ipv6_cidr_block": "",
                            "route.1152209812.nat_gateway_id": "",
                            "route.1152209812.network_interface_id": "",
                            "route.1152209812.vpc_peering_connection_id": "pcx-18cd7571",
                            "tags.%": "5",
                            "tags.Name": "infra-prod-private-routetable",
                            "tags.Pipeline_phase": "infra-prod",
                            "tags.Region": "us-west-2",
                            "tags.SLA": "prod",
                            "vpc_id": "vpc-46ae0022"
                        },
                        "meta": {},
                        "tainted": false
                    },
                    "deposed": [],
                    "provider": ""
                },
                "aws_route_table.public": {
                    "type": "aws_route_table",
                    "depends_on": [
                        "aws_internet_gateway.igw",
                        "aws_vpc.main"
                    ],
                    "primary": {
                        "id": "rtb-6a9f090e",
                        "attributes": {
                            "id": "rtb-6a9f090e",
                            "propagating_vgws.#": "0",
                            "route.#": "3",
                            "route.1041284262.cidr_block": "10.126.96.0/20",
                            "route.1041284262.egress_only_gateway_id": "",
                            "route.1041284262.gateway_id": "",
                            "route.1041284262.instance_id": "",
                            "route.1041284262.ipv6_cidr_block": "",
                            "route.1041284262.nat_gateway_id": "",
                            "route.1041284262.network_interface_id": "",
                            "route.1041284262.vpc_peering_connection_id": "pcx-9373d9fa",
                            "route.1152209812.cidr_block": "10.126.80.0/20",
                            "route.1152209812.egress_only_gateway_id": "",
                            "route.1152209812.gateway_id": "",
                            "route.1152209812.instance_id": "",
                            "route.1152209812.ipv6_cidr_block": "",
                            "route.1152209812.nat_gateway_id": "",
                            "route.1152209812.network_interface_id": "",
                            "route.1152209812.vpc_peering_connection_id": "pcx-18cd7571",
                            "route.3726744482.cidr_block": "0.0.0.0/0",
                            "route.3726744482.egress_only_gateway_id": "",
                            "route.3726744482.gateway_id": "igw-6819220d",
                            "route.3726744482.instance_id": "",
                            "route.3726744482.ipv6_cidr_block": "",
                            "route.3726744482.nat_gateway_id": "",
                            "route.3726744482.network_interface_id": "",
                            "route.3726744482.vpc_peering_connection_id": "",
                            "tags.%": "5",
                            "tags.Name": "infra-prod-public-routetable",
                            "tags.Pipeline_phase": "infra-prod",
                            "tags.Region": "us-west-2",
                            "tags.SLA": "prod",
                            "vpc_id": "vpc-46ae0022"
                        },
                        "meta": {},
                        "tainted": false
                    },
                    "deposed": [],
                    "provider": ""
                },
                "aws_route_table_association.natdc.0": {
                    "type": "aws_route_table_association",
                    "depends_on": [
                        "aws_route_table.natdc.*",
                        "aws_subnet.natdc.*"
                    ],
                    "primary": {
                        "id": "rtbassoc-5bdde43f",
                        "attributes": {
                            "id": "rtbassoc-5bdde43f",
                            "route_table_id": "rtb-169f0972",
                            "subnet_id": "subnet-c0fd48a4"
                        },
                        "meta": {},
                        "tainted": false
                    },
                    "deposed": [],
                    "provider": ""
                },
                "aws_route_table_association.natdc.1": {
                    "type": "aws_route_table_association",
                    "depends_on": [
                        "aws_route_table.natdc.*",
                        "aws_subnet.natdc.*"
                    ],
                    "primary": {
                        "id": "rtbassoc-861dd6ff",
                        "attributes": {
                            "id": "rtbassoc-861dd6ff",
                            "route_table_id": "rtb-e7f52a81",
                            "subnet_id": "subnet-0bcad452"
                        },
                        "meta": {},
                        "tainted": false
                    },
                    "deposed": [],
                    "provider": ""
                },
                "aws_route_table_association.natdc.2": {
                    "type": "aws_route_table_association",
                    "depends_on": [
                        "aws_route_table.natdc.*",
                        "aws_subnet.natdc.*"
                    ],
                    "primary": {
                        "id": "rtbassoc-621ed51b",
                        "attributes": {
                            "id": "rtbassoc-621ed51b",
                            "route_table_id": "rtb-8ef22de8",
                            "subnet_id": "subnet-01448b77"
                        },
                        "meta": {},
                        "tainted": false
                    },
                    "deposed": [],
                    "provider": ""
                },
                "aws_route_table_association.private.0": {
                    "type": "aws_route_table_association",
                    "depends_on": [
                        "aws_route_table.private",
                        "aws_subnet.private"
                    ],
                    "primary": {
                        "id": "rtbassoc-afdae3cb",
                        "attributes": {
                            "id": "rtbassoc-afdae3cb",
                            "route_table_id": "rtb-689f090c",
                            "subnet_id": "subnet-00448b76"
                        },
                        "meta": {},
                        "tainted": false
                    },
                    "deposed": [],
                    "provider": ""
                },
                "aws_route_table_association.private.1": {
                    "type": "aws_route_table_association",
                    "depends_on": [
                        "aws_route_table.private",
                        "aws_subnet.private"
                    ],
                    "primary": {
                        "id": "rtbassoc-a8dae3cc",
                        "attributes": {
                            "id": "rtbassoc-a8dae3cc",
                            "route_table_id": "rtb-689f090c",
                            "subnet_id": "subnet-c1fd48a5"
                        },
                        "meta": {},
                        "tainted": false
                    },
                    "deposed": [],
                    "provider": ""
                },
                "aws_route_table_association.private.2": {
                    "type": "aws_route_table_association",
                    "depends_on": [
                        "aws_route_table.private",
                        "aws_subnet.private"
                    ],
                    "primary": {
                        "id": "rtbassoc-aedae3ca",
                        "attributes": {
                            "id": "rtbassoc-aedae3ca",
                            "route_table_id": "rtb-689f090c",
                            "subnet_id": "subnet-0dcad454"
                        },
                        "meta": {},
                        "tainted": false
                    },
                    "deposed": [],
                    "provider": ""
                },
                "aws_route_table_association.public.0": {
                    "type": "aws_route_table_association",
                    "depends_on": [
                        "aws_route_table.public",
                        "aws_subnet.public"
                    ],
                    "primary": {
                        "id": "rtbassoc-b4dae3d0",
                        "attributes": {
                            "id": "rtbassoc-b4dae3d0",
                            "route_table_id": "rtb-6a9f090e",
                            "subnet_id": "subnet-02448b74"
                        },
                        "meta": {},
                        "tainted": false
                    },
                    "deposed": [],
                    "provider": ""
                },
                "aws_route_table_association.public.1": {
                    "type": "aws_route_table_association",
                    "depends_on": [
                        "aws_route_table.public",
                        "aws_subnet.public"
                    ],
                    "primary": {
                        "id": "rtbassoc-b5dae3d1",
                        "attributes": {
                            "id": "rtbassoc-b5dae3d1",
                            "route_table_id": "rtb-6a9f090e",
                            "subnet_id": "subnet-c7fd48a3"
                        },
                        "meta": {},
                        "tainted": false
                    },
                    "deposed": [],
                    "provider": ""
                },
                "aws_route_table_association.public.2": {
                    "type": "aws_route_table_association",
                    "depends_on": [
                        "aws_route_table.public",
                        "aws_subnet.public"
                    ],
                    "primary": {
                        "id": "rtbassoc-abdae3cf",
                        "attributes": {
                            "id": "rtbassoc-abdae3cf",
                            "route_table_id": "rtb-6a9f090e",
                            "subnet_id": "subnet-0acad453"
                        },
                        "meta": {},
                        "tainted": false
                    },
                    "deposed": [],
                    "provider": ""
                },
                "aws_security_group.env_instance": {
                    "type": "aws_security_group",
                    "depends_on": [
                        "aws_vpc.main"
                    ],
                    "primary": {
                        "id": "sg-682bb813",
                        "attributes": {
                            "description": "Empty SG for all instances within the evironment",
                            "egress.#": "0",
                            "id": "sg-682bb813",
                            "ingress.#": "0",
                            "name": "infra-prod-instance",
                            "owner_id": "870846026232",
                            "tags.%": "5",
                            "tags.Name": "infra-prod-instance",
                            "tags.account_name": "jive-reco-prod",
                            "tags.pipeline_phase": "infra-prod",
                            "tags.region": "us-west-2",
                            "tags.sla": "prod",
                            "vpc_id": "vpc-46ae0022"
                        },
                        "meta": {},
                        "tainted": false
                    },
                    "deposed": [],
                    "provider": ""
                },
                "aws_security_group.jive_phx_dc": {
                    "type": "aws_security_group",
                    "depends_on": [
                        "aws_vpc.main"
                    ],
                    "primary": {
                        "id": "sg-c9fef8ae",
                        "attributes": {
                            "description": "Allow SSH and Ping from CIDRs within Jive PHX Data Center",
                            "egress.#": "1",
                            "egress.482069346.cidr_blocks.#": "1",
                            "egress.482069346.cidr_blocks.0": "0.0.0.0/0",
                            "egress.482069346.from_port": "0",
                            "egress.482069346.ipv6_cidr_blocks.#": "0",
                            "egress.482069346.prefix_list_ids.#": "0",
                            "egress.482069346.protocol": "-1",
                            "egress.482069346.self": "false",
                            "egress.482069346.to_port": "0",
                            "id": "sg-c9fef8ae",
                            "ingress.#": "2",
                            "ingress.2541437006.cidr_blocks.#": "1",
                            "ingress.2541437006.cidr_blocks.0": "0.0.0.0/0",
                            "ingress.2541437006.from_port": "22",
                            "ingress.2541437006.ipv6_cidr_blocks.#": "0",
                            "ingress.2541437006.protocol": "tcp",
                            "ingress.2541437006.self": "false",
                            "ingress.2541437006.to_port": "22",
                            "ingress.3068409405.cidr_blocks.#": "1",
                            "ingress.3068409405.cidr_blocks.0": "0.0.0.0/0",
                            "ingress.3068409405.from_port": "8",
                            "ingress.3068409405.ipv6_cidr_blocks.#": "0",
                            "ingress.3068409405.protocol": "icmp",
                            "ingress.3068409405.security_groups.#": "0",
                            "ingress.3068409405.self": "false",
                            "ingress.3068409405.to_port": "0",
                            "name": "infra-prod-jive-phx-dc",
                            "owner_id": "870846026232",
                            "tags.%": "5",
                            "tags.Name": "infra-prod-jive-phx-dc",
                            "tags.Pipeline_phase": "infra-prod",
                            "tags.Region": "us-west-2",
                            "tags.SLA": "prod",
                            "vpc_id": "vpc-46ae0022"
                        },
                        "meta": {},
                        "tainted": false
                    },
                    "deposed": [],
                    "provider": ""
                },
                "aws_subnet.natdc.0": {
                    "type": "aws_subnet",
                    "depends_on": [
                        "aws_vpc.main"
                    ],
                    "primary": {
                        "id": "subnet-01448b77",
                        "attributes": {
                            "assign_ipv6_address_on_creation": "false",
                            "availability_zone": "us-west-2a",
                            "cidr_block": "10.127.54.0/27",
                            "id": "subnet-01448b77",
                            "map_public_ip_on_launch": "false",
                            "tags.%": "5",
                            "tags.Name": "infra-prod-natdc-subnet",
                            "tags.Pipeline_phase": "infra-prod",
                            "tags.Region": "us-west-2",
                            "tags.SLA": "prod",
                            "vpc_id": "vpc-46ae0022"
                        },
                        "meta": {},
                        "tainted": false
                    },
                    "deposed": [],
                    "provider": ""
                },
                "aws_subnet.natdc.1": {
                    "type": "aws_subnet",
                    "depends_on": [
                        "aws_vpc.main"
                    ],
                    "primary": {
                        "id": "subnet-c0fd48a4",
                        "attributes": {
                            "assign_ipv6_address_on_creation": "false",
                            "availability_zone": "us-west-2b",
                            "cidr_block": "10.127.54.32/27",
                            "id": "subnet-c0fd48a4",
                            "map_public_ip_on_launch": "false",
                            "tags.%": "5",
                            "tags.Name": "infra-prod-natdc-subnet",
                            "tags.Pipeline_phase": "infra-prod",
                            "tags.Region": "us-west-2",
                            "tags.SLA": "prod",
                            "vpc_id": "vpc-46ae0022"
                        },
                        "meta": {},
                        "tainted": false
                    },
                    "deposed": [],
                    "provider": ""
                },
                "aws_subnet.natdc.2": {
                    "type": "aws_subnet",
                    "depends_on": [
                        "aws_vpc.main"
                    ],
                    "primary": {
                        "id": "subnet-0bcad452",
                        "attributes": {
                            "assign_ipv6_address_on_creation": "false",
                            "availability_zone": "us-west-2c",
                            "cidr_block": "10.127.54.64/27",
                            "id": "subnet-0bcad452",
                            "map_public_ip_on_launch": "false",
                            "tags.%": "5",
                            "tags.Name": "infra-prod-natdc-subnet",
                            "tags.Pipeline_phase": "infra-prod",
                            "tags.Region": "us-west-2",
                            "tags.SLA": "prod",
                            "vpc_id": "vpc-46ae0022"
                        },
                        "meta": {},
                        "tainted": false
                    },
                    "deposed": [],
                    "provider": ""
                },
                "aws_subnet.private.0": {
                    "type": "aws_subnet",
                    "depends_on": [
                        "aws_vpc.main"
                    ],
                    "primary": {
                        "id": "subnet-00448b76",
                        "attributes": {
                            "assign_ipv6_address_on_creation": "false",
                            "availability_zone": "us-west-2a",
                            "cidr_block": "10.127.54.192/28",
                            "id": "subnet-00448b76",
                            "map_public_ip_on_launch": "false",
                            "tags.%": "5",
                            "tags.Name": "infra-prod-private-subnet",
                            "tags.Pipeline_phase": "infra-prod",
                            "tags.Region": "us-west-2",
                            "tags.SLA": "prod",
                            "vpc_id": "vpc-46ae0022"
                        },
                        "meta": {},
                        "tainted": false
                    },
                    "deposed": [],
                    "provider": ""
                },
                "aws_subnet.private.1": {
                    "type": "aws_subnet",
                    "depends_on": [
                        "aws_vpc.main"
                    ],
                    "primary": {
                        "id": "subnet-c1fd48a5",
                        "attributes": {
                            "assign_ipv6_address_on_creation": "false",
                            "availability_zone": "us-west-2b",
                            "cidr_block": "10.127.54.208/28",
                            "id": "subnet-c1fd48a5",
                            "map_public_ip_on_launch": "false",
                            "tags.%": "5",
                            "tags.Name": "infra-prod-private-subnet",
                            "tags.Pipeline_phase": "infra-prod",
                            "tags.Region": "us-west-2",
                            "tags.SLA": "prod",
                            "vpc_id": "vpc-46ae0022"
                        },
                        "meta": {},
                        "tainted": false
                    },
                    "deposed": [],
                    "provider": ""
                },
                "aws_subnet.private.2": {
                    "type": "aws_subnet",
                    "depends_on": [
                        "aws_vpc.main"
                    ],
                    "primary": {
                        "id": "subnet-0dcad454",
                        "attributes": {
                            "assign_ipv6_address_on_creation": "false",
                            "availability_zone": "us-west-2c",
                            "cidr_block": "10.127.54.224/28",
                            "id": "subnet-0dcad454",
                            "map_public_ip_on_launch": "false",
                            "tags.%": "5",
                            "tags.Name": "infra-prod-private-subnet",
                            "tags.Pipeline_phase": "infra-prod",
                            "tags.Region": "us-west-2",
                            "tags.SLA": "prod",
                            "vpc_id": "vpc-46ae0022"
                        },
                        "meta": {},
                        "tainted": false
                    },
                    "deposed": [],
                    "provider": ""
                },
                "aws_subnet.public.0": {
                    "type": "aws_subnet",
                    "depends_on": [
                        "aws_vpc.main"
                    ],
                    "primary": {
                        "id": "subnet-02448b74",
                        "attributes": {
                            "assign_ipv6_address_on_creation": "false",
                            "availability_zone": "us-west-2a",
                            "cidr_block": "10.127.54.96/27",
                            "id": "subnet-02448b74",
                            "map_public_ip_on_launch": "false",
                            "tags.%": "5",
                            "tags.Name": "infra-prod-public-subnet",
                            "tags.Pipeline_phase": "infra-prod",
                            "tags.Region": "us-west-2",
                            "tags.SLA": "prod",
                            "vpc_id": "vpc-46ae0022"
                        },
                        "meta": {},
                        "tainted": false
                    },
                    "deposed": [],
                    "provider": ""
                },
                "aws_subnet.public.1": {
                    "type": "aws_subnet",
                    "depends_on": [
                        "aws_vpc.main"
                    ],
                    "primary": {
                        "id": "subnet-c7fd48a3",
                        "attributes": {
                            "assign_ipv6_address_on_creation": "false",
                            "availability_zone": "us-west-2b",
                            "cidr_block": "10.127.54.128/27",
                            "id": "subnet-c7fd48a3",
                            "map_public_ip_on_launch": "false",
                            "tags.%": "5",
                            "tags.Name": "infra-prod-public-subnet",
                            "tags.Pipeline_phase": "infra-prod",
                            "tags.Region": "us-west-2",
                            "tags.SLA": "prod",
                            "vpc_id": "vpc-46ae0022"
                        },
                        "meta": {},
                        "tainted": false
                    },
                    "deposed": [],
                    "provider": ""
                },
                "aws_subnet.public.2": {
                    "type": "aws_subnet",
                    "depends_on": [
                        "aws_vpc.main"
                    ],
                    "primary": {
                        "id": "subnet-0acad453",
                        "attributes": {
                            "assign_ipv6_address_on_creation": "false",
                            "availability_zone": "us-west-2c",
                            "cidr_block": "10.127.54.160/27",
                            "id": "subnet-0acad453",
                            "map_public_ip_on_launch": "false",
                            "tags.%": "5",
                            "tags.Name": "infra-prod-public-subnet",
                            "tags.Pipeline_phase": "infra-prod",
                            "tags.Region": "us-west-2",
                            "tags.SLA": "prod",
                            "vpc_id": "vpc-46ae0022"
                        },
                        "meta": {},
                        "tainted": false
                    },
                    "deposed": [],
                    "provider": ""
                },
                "aws_vpc.main": {
                    "type": "aws_vpc",
                    "depends_on": [],
                    "primary": {
                        "id": "vpc-46ae0022",
                        "attributes": {
                            "assign_generated_ipv6_cidr_block": "false",
                            "cidr_block": "10.127.54.0/24",
                            "default_network_acl_id": "acl-7369d117",
                            "default_route_table_id": "rtb-6d9f0909",
                            "default_security_group_id": "sg-cffef8a8",
                            "dhcp_options_id": "dopt-0c336d69",
                            "enable_classiclink": "false",
                            "enable_dns_hostnames": "true",
                            "enable_dns_support": "true",
                            "id": "vpc-46ae0022",
                            "instance_tenancy": "default",
                            "main_route_table_id": "rtb-6d9f0909",
                            "tags.%": "5",
                            "tags.Name": "infra-prod-vpc",
                            "tags.account_name": "jive-reco-prod",
                            "tags.pipeline_phase": "infra-prod",
                            "tags.region": "us-west-2",
                            "tags.sla": "prod"
                        },
                        "meta": {
                            "schema_version": "1"
                        },
                        "tainted": false
                    },
                    "deposed": [],
                    "provider": ""
                },
                "aws_vpn_gateway.vgw": {
                    "type": "aws_vpn_gateway",
                    "depends_on": [
                        "aws_vpc.main"
                    ],
                    "primary": {
                        "id": "vgw-79af7667",
                        "attributes": {
                            "availability_zone": "",
                            "id": "vgw-79af7667",
                            "tags.%": "7",
                            "tags.Name": "infra-prod-vgw",
                            "tags.account_name": "jive-reco-prod",
                            "tags.jive_service": "infrastructure",
                            "tags.pipeline_phase": "infra-prod",
                            "tags.region": "us-west-2",
                            "tags.service_component": "vpn_gateway",
                            "tags.sla": "prod",
                            "vpc_id": "vpc-46ae0022"
                        },
                        "meta": {},
                        "tainted": false
                    },
                    "deposed": [],
                    "provider": ""
                },
                "data.template_file.bastion_user_data": {
                    "type": "template_file",
                    "depends_on": [
                        "aws_network_interface.bastion"
                    ],
                    "primary": {
                        "id": "55fcc64265145e5240456501947b829f075fad259e0a6450e71a07aa17ad3583",
                        "attributes": {
                            "id": "55fcc64265145e5240456501947b829f075fad259e0a6450e71a07aa17ad3583",
                            "rendered": "#!/bin/bash\n\ndeclare -r instance_id=$(curl -s http://169.254.169.254/latest/meta-data/instance-id)\ndeclare -r bi=10.127.54.7\ndeclare -r bastion_gw=\"${bi%.*}.1\"\n\nfunction_prep() {\n    # Get pip for awscli\n    yum install -y epel-release\n    yum install -y python-pip\n    pip install awscli\n}\n\nfunction_eni() {\n    # Attached the ENI to the Bastion instance\n    /usr/bin/aws ec2 attach-network-interface   --region us-west-2 \\\n                                                --network-interface-id eni-0be74f46 \\\n                                                --instance-id $instance_id \\\n                                                --device-index 1\n\n    # Give the ENI some time to get an IP and attach correctly\n    sleep 30\n}\n\nfunction_network() {\n    # Make eth1 the default route, set eth0 off, and set eth1 on, then restart the network\n    cat \u003c\u003cEOF \u003e /etc/sysconfig/network\nNETWORKING=yes\nNOZEROCONF=yes\nGATEWAY=$bastion_gw\nGATEWAYDEV=eth1\nEOF\n\n    cat \u003c\u003cEOF \u003e /etc/sysconfig/network-scripts/ifcfg-eth0\nDEVICE=\"eth0\"\nONBOOT=\"no\"\nEOF\n\n    cat \u003c\u003cEOF \u003e /etc/sysconfig/network-scripts/ifcfg-eth1\nDEVICE=eth1\nBOOTPROTO=static\nDHCPCLASS=\nIPADDR=10.127.54.7\nNETMASK=255.255.255.224\nONBOOT=yes\nEOF\n\n    systemctl restart network\n}\n\nfunction_nexus() {\n    # URL redirect fails without this entry\n    echo \"10.10.100.155 nexus-int.eng.jiveland.com\" \u003e\u003e /etc/hosts\n\n    # Script to download Ansible artifact from Nexus\n    cat \u003c\u003c'EOF' \u003e /tmp/get_nexus_artifact.sh\n#!/bin/bash\n# Argument = -h -v -i groupId:artifactId:version -c classifier -p packaging -r repository\n\n# Define Nexus Configuration\nNEXUS_BASE=nexus-int.eng.jiveland.com\nREST_PATH=/service/local\nART_REDIR=/artifact/maven/redirect\n\n# Read in Complete Set of Coordinates from the Command Line\nGROUP_ID=\nARTIFACT_ID=\nVERSION=\"LATEST\"\nCLASSIFIER=\"\"\nPACKAGING=tar.gz\nREPO=\"candidates\"\nVERBOSE=0\n\nwhile getopts \"hvi:c:p:\" OPTION\ndo\n     case $OPTION in\n         h)\n             usage\n             exit 1\n             ;;\n         i)\n\t     OIFS=$IFS\n             IFS=\":\"\n\t     GAV_COORD=( $OPTARG )\n\t     GROUP_ID=${GAV_COORD[0]}\n             ARTIFACT_ID=${GAV_COORD[1]}\n             VERSION=${GAV_COORD[2]}\n\t     IFS=$OIFS\n             ;;\n         c)\n             CLASSIFIER=$OPTARG\n             ;;\n         p)\n             PACKAGING=$OPTARG\n             ;;\n         v)\n             VERBOSE=1\n             ;;\n         ?)\n             usage\n             exit\n             ;;\n     esac\ndone\n\nif [[ -z $GROUP_ID ]] || [[ -z $ARTIFACT_ID ]] || [[ -z $VERSION ]]\nthen\n     echo \"BAD ARGUMENTS: Either groupId, artifactId, or version was not supplied\" \u003e\u00262\n     usage\n     exit 1\nfi\n\n# Construct the base URL\nREDIRECT_URL=${NEXUS_BASE}${REST_PATH}${ART_REDIR}\n\n# Generate the list of parameters\nPARAM_KEYS=( g a v r p c )\nPARAM_VALUES=( $GROUP_ID $ARTIFACT_ID $VERSION $REPO $PACKAGING $CLASSIFIER )\nPARAMS=\"\"\nfor index in ${!PARAM_KEYS[*]}\ndo\n  if [[ ${PARAM_VALUES[$index]} != \"\" ]]\n  then\n    PARAMS=\"${PARAMS}${PARAM_KEYS[$index]}=${PARAM_VALUES[$index]}\u0026\"\n  fi\ndone\n\nREDIRECT_URL=\"${REDIRECT_URL}?${PARAMS}\"\n\necho \"Fetching Artifact from $REDIRECT_URL...\" \u003e\u00262\ncurl -sS -L ${REDIRECT_URL}\nEOF\n    # Run script to download latest Ansible artifact and unpack\n    chmod +x /tmp/get_nexus_artifact.sh\n    /tmp/get_nexus_artifact.sh -i com.jivesoftware.techops:ansible-common:LATEST \u003e /tmp/ansible-common.tar.gz\n}\n\nfunction_ansible() {\n    # Need Sudo TTY\n    sed -i s/'Defaults    requiretty'/'#Defaults    requiretty'/ /etc/sudoers\n    # Disable SELINUX for SSSD\n    sed -i 's/^SELINUX=.*/SELINUX=disabled/' /etc/selinux/config\n    # Create Ansible working directories\n    mkdir -p /tmp/ansible-common\n    tar xf /tmp/ansible-common.tar.gz -C /tmp/ansible-common/\n    # Set Python to 2.6 and run Ansible locally\n    alternatives --set python /usr/bin/python2.6\n    yum install -y python-boto ansible\n\n    # Run Ansible\n    /tmp/ansible-common/bin/run_ansible.sh /tmp/ansible-common/playbook-bastion.yml -e region=us-west-2 --connection=local -i /tmp/ansible-common/inventory_ec2/ \u003e\u003e /tmp/ansible-common/ansible_debug.log\n\n    # Change permissions on Ansible artifact so that ansible deploy pipeline\n    # can overwrite them in the future\n    chown -R ansible:service-users /tmp/ansible-common /tmp/ansible-common.tar.gz\n}\n\nfunction_restart() {\n    # Need to restart for SELINUX change.\n    shutdown -r now\n}\n\n# Run the things\nfunction_prep\nfunction_eni\nfunction_network\nfunction_nexus\nfunction_ansible\nfunction_restart\n",
                            "template": "#!/bin/bash\n\ndeclare -r instance_id=$(curl -s http://169.254.169.254/latest/meta-data/instance-id)\ndeclare -r bi=${bastion_ip}\ndeclare -r bastion_gw=\"$${bi%.*}.1\"\n\nfunction_prep() {\n    # Get pip for awscli\n    yum install -y epel-release\n    yum install -y python-pip\n    pip install awscli\n}\n\nfunction_eni() {\n    # Attached the ENI to the Bastion instance\n    /usr/bin/aws ec2 attach-network-interface   --region ${region} \\\n                                                --network-interface-id ${eni} \\\n                                                --instance-id $instance_id \\\n                                                --device-index 1\n\n    # Give the ENI some time to get an IP and attach correctly\n    sleep 30\n}\n\nfunction_network() {\n    # Make eth1 the default route, set eth0 off, and set eth1 on, then restart the network\n    cat \u003c\u003cEOF \u003e /etc/sysconfig/network\nNETWORKING=yes\nNOZEROCONF=yes\nGATEWAY=$bastion_gw\nGATEWAYDEV=eth1\nEOF\n\n    cat \u003c\u003cEOF \u003e /etc/sysconfig/network-scripts/ifcfg-eth0\nDEVICE=\"eth0\"\nONBOOT=\"no\"\nEOF\n\n    cat \u003c\u003cEOF \u003e /etc/sysconfig/network-scripts/ifcfg-eth1\nDEVICE=eth1\nBOOTPROTO=static\nDHCPCLASS=\nIPADDR=${bastion_ip}\nNETMASK=255.255.255.224\nONBOOT=yes\nEOF\n\n    systemctl restart network\n}\n\nfunction_nexus() {\n    # URL redirect fails without this entry\n    echo \"10.10.100.155 nexus-int.eng.jiveland.com\" \u003e\u003e /etc/hosts\n\n    # Script to download Ansible artifact from Nexus\n    cat \u003c\u003c'EOF' \u003e /tmp/get_nexus_artifact.sh\n#!/bin/bash\n# Argument = -h -v -i groupId:artifactId:version -c classifier -p packaging -r repository\n\n# Define Nexus Configuration\nNEXUS_BASE=nexus-int.eng.jiveland.com\nREST_PATH=/service/local\nART_REDIR=/artifact/maven/redirect\n\n# Read in Complete Set of Coordinates from the Command Line\nGROUP_ID=\nARTIFACT_ID=\nVERSION=\"LATEST\"\nCLASSIFIER=\"\"\nPACKAGING=tar.gz\nREPO=\"candidates\"\nVERBOSE=0\n\nwhile getopts \"hvi:c:p:\" OPTION\ndo\n     case $OPTION in\n         h)\n             usage\n             exit 1\n             ;;\n         i)\n\t     OIFS=$IFS\n             IFS=\":\"\n\t     GAV_COORD=( $OPTARG )\n\t     GROUP_ID=$${GAV_COORD[0]}\n             ARTIFACT_ID=$${GAV_COORD[1]}\n             VERSION=$${GAV_COORD[2]}\n\t     IFS=$OIFS\n             ;;\n         c)\n             CLASSIFIER=$OPTARG\n             ;;\n         p)\n             PACKAGING=$OPTARG\n             ;;\n         v)\n             VERBOSE=1\n             ;;\n         ?)\n             usage\n             exit\n             ;;\n     esac\ndone\n\nif [[ -z $GROUP_ID ]] || [[ -z $ARTIFACT_ID ]] || [[ -z $VERSION ]]\nthen\n     echo \"BAD ARGUMENTS: Either groupId, artifactId, or version was not supplied\" \u003e\u00262\n     usage\n     exit 1\nfi\n\n# Construct the base URL\nREDIRECT_URL=$${NEXUS_BASE}$${REST_PATH}$${ART_REDIR}\n\n# Generate the list of parameters\nPARAM_KEYS=( g a v r p c )\nPARAM_VALUES=( $GROUP_ID $ARTIFACT_ID $VERSION $REPO $PACKAGING $CLASSIFIER )\nPARAMS=\"\"\nfor index in $${!PARAM_KEYS[*]}\ndo\n  if [[ $${PARAM_VALUES[$index]} != \"\" ]]\n  then\n    PARAMS=\"$${PARAMS}$${PARAM_KEYS[$index]}=$${PARAM_VALUES[$index]}\u0026\"\n  fi\ndone\n\nREDIRECT_URL=\"$${REDIRECT_URL}?$${PARAMS}\"\n\necho \"Fetching Artifact from $REDIRECT_URL...\" \u003e\u00262\ncurl -sS -L $${REDIRECT_URL}\nEOF\n    # Run script to download latest Ansible artifact and unpack\n    chmod +x /tmp/get_nexus_artifact.sh\n    /tmp/get_nexus_artifact.sh -i com.jivesoftware.techops:ansible-common:LATEST \u003e /tmp/ansible-common.tar.gz\n}\n\nfunction_ansible() {\n    # Need Sudo TTY\n    sed -i s/'Defaults    requiretty'/'#Defaults    requiretty'/ /etc/sudoers\n    # Disable SELINUX for SSSD\n    sed -i 's/^SELINUX=.*/SELINUX=disabled/' /etc/selinux/config\n    # Create Ansible working directories\n    mkdir -p /tmp/ansible-common\n    tar xf /tmp/ansible-common.tar.gz -C /tmp/ansible-common/\n    # Set Python to 2.6 and run Ansible locally\n    alternatives --set python /usr/bin/python2.6\n    yum install -y python-boto ansible\n\n    # Run Ansible\n    /tmp/ansible-common/bin/run_ansible.sh /tmp/ansible-common/playbook-bastion.yml -e region=${region} --connection=local -i /tmp/ansible-common/inventory_ec2/ \u003e\u003e /tmp/ansible-common/ansible_debug.log\n\n    # Change permissions on Ansible artifact so that ansible deploy pipeline\n    # can overwrite them in the future\n    chown -R ansible:service-users /tmp/ansible-common /tmp/ansible-common.tar.gz\n}\n\nfunction_restart() {\n    # Need to restart for SELINUX change.\n    shutdown -r now\n}\n\n# Run the things\nfunction_prep\nfunction_eni\nfunction_network\nfunction_nexus\nfunction_ansible\nfunction_restart\n",
                            "vars.%": "5",
                            "vars.account_name": "jive-reco-prod",
                            "vars.bastion_ip": "10.127.54.7",
                            "vars.eni": "eni-0be74f46",
                            "vars.pipeline_phase": "infra-prod",
                            "vars.region": "us-west-2"
                        },
                        "meta": {},
                        "tainted": false
                    },
                    "deposed": [],
                    "provider": ""
                }
            },
            "depends_on": []
        }
    ]
}
