{
    "version": 3,
    "terraform_version": "0.9.4",
    "serial": 20,
    "lineage": "40d71463-ca04-42df-aaf3-0c536149c17c",
    "modules": [
        {
            "path": [
                "root"
            ],
            "outputs": {},
            "resources": {
                "aws_autoscaling_group.lemur_asg": {
                    "type": "aws_autoscaling_group",
                    "depends_on": [
                        "aws_elb.lemur",
                        "aws_launch_configuration.lemur_node"
                    ],
                    "primary": {
                        "id": "poc-lemur-asg1",
                        "attributes": {
                            "arn": "arn:aws:autoscaling:us-east-1:432181555651:autoScalingGroup:9439dd93-d306-4bd8-979f-35a48432e31f:autoScalingGroupName/poc-lemur-asg1",
                            "availability_zones.#": "1",
                            "availability_zones.3569565595": "us-east-1a",
                            "default_cooldown": "300",
                            "desired_capacity": "1",
                            "force_delete": "false",
                            "health_check_grace_period": "30",
                            "health_check_type": "EC2",
                            "id": "poc-lemur-asg1",
                            "launch_configuration": "terraform-00aa1c614a71a2bd36e398fb02",
                            "load_balancers.#": "1",
                            "load_balancers.2155450574": "lemur-elb",
                            "max_size": "1",
                            "metrics_granularity": "1Minute",
                            "min_size": "1",
                            "name": "poc-lemur-asg1",
                            "placement_group": "",
                            "protect_from_scale_in": "false",
                            "suspended_processes.#": "0",
                            "tag.#": "9",
                            "tag.142009988.key": "KubernetesCluster",
                            "tag.142009988.propagate_at_launch": "true",
                            "tag.142009988.value": "",
                            "tag.1602530035.key": "Jive_service",
                            "tag.1602530035.propagate_at_launch": "true",
                            "tag.1602530035.value": "lemur",
                            "tag.2076345460.key": "Account_name",
                            "tag.2076345460.propagate_at_launch": "true",
                            "tag.2076345460.value": "jivek8-aws",
                            "tag.2212896718.key": "Name",
                            "tag.2212896718.propagate_at_launch": "true",
                            "tag.2212896718.value": "poc-lemur-instance",
                            "tag.2358183919.key": "Hostname",
                            "tag.2358183919.propagate_at_launch": "true",
                            "tag.2358183919.value": "poc-lemur-instance1",
                            "tag.2367306937.key": "Pipeline_phase",
                            "tag.2367306937.propagate_at_launch": "true",
                            "tag.2367306937.value": "poc",
                            "tag.2651257388.key": "Region",
                            "tag.2651257388.propagate_at_launch": "true",
                            "tag.2651257388.value": "us-east-1",
                            "tag.3767096825.key": "SLA",
                            "tag.3767096825.propagate_at_launch": "true",
                            "tag.3767096825.value": "non-prod",
                            "tag.4264505837.key": "Service_component",
                            "tag.4264505837.propagate_at_launch": "true",
                            "tag.4264505837.value": "lemur",
                            "target_group_arns.#": "0",
                            "termination_policies.#": "0",
                            "vpc_zone_identifier.#": "1",
                            "vpc_zone_identifier.3313307266": "subnet-897fb5d3",
                            "wait_for_capacity_timeout": "10m"
                        },
                        "meta": {},
                        "tainted": false
                    },
                    "deposed": [],
                    "provider": ""
                },
                "aws_db_instance.lemurdb": {
                    "type": "aws_db_instance",
                    "depends_on": [
                        "aws_db_subnet_group.lemur_db_subnet",
                        "aws_security_group.lemur_db"
                    ],
                    "primary": {
                        "id": "lemurdb",
                        "attributes": {
                            "address": "lemurdb.cdvoklbooqq9.us-east-1.rds.amazonaws.com",
                            "allocated_storage": "100",
                            "arn": "arn:aws:rds:us-east-1:432181555651:db:lemurdb",
                            "auto_minor_version_upgrade": "true",
                            "availability_zone": "us-east-1d",
                            "backup_retention_period": "30",
                            "backup_window": "05:00-08:30",
                            "copy_tags_to_snapshot": "false",
                            "db_subnet_group_name": "poc-lemur-db-subnet",
                            "endpoint": "lemurdb.cdvoklbooqq9.us-east-1.rds.amazonaws.com:5432",
                            "engine": "postgres",
                            "engine_version": "9.4.7",
                            "hosted_zone_id": "Z2R2ITUGPM61AM",
                            "id": "lemurdb",
                            "identifier": "lemurdb",
                            "instance_class": "db.r3.xlarge",
                            "iops": "1000",
                            "kms_key_id": "arn:aws:kms:us-east-1:432181555651:key/cdaa5832-098c-4ee3-9b69-ae3dbc0b773a",
                            "license_model": "postgresql-license",
                            "maintenance_window": "sat:09:30-sat:22:00",
                            "monitoring_interval": "0",
                            "multi_az": "true",
                            "name": "",
                            "option_group_name": "default:postgres-9-4",
                            "parameter_group_name": "default.postgres9.4",
                            "password": "randomstuffhere",
                            "port": "5432",
                            "publicly_accessible": "false",
                            "replicas.#": "0",
                            "replicate_source_db": "",
                            "security_group_names.#": "0",
                            "skip_final_snapshot": "false",
                            "status": "available",
                            "storage_encrypted": "true",
                            "storage_type": "io1",
                            "tags.%": "7",
                            "tags.Name": "poc-lemur-db",
                            "tags.account_name": "jivek8-aws",
                            "tags.jive_service": "lemur",
                            "tags.pipeline_phase": "poc",
                            "tags.region": "us-east-1",
                            "tags.service_component": "lemur",
                            "tags.sla": "non-prod",
                            "timezone": "",
                            "username": "lemur",
                            "vpc_security_group_ids.#": "1",
                            "vpc_security_group_ids.593195822": "sg-4405da35"
                        },
                        "meta": {
                            "e2bfb730-ecaa-11e6-8f88-34363bc7c4c0": {
                                "create": 2400000000000,
                                "delete": 2400000000000,
                                "update": 4800000000000
                            }
                        },
                        "tainted": false
                    },
                    "deposed": [],
                    "provider": ""
                },
                "aws_db_subnet_group.lemur_db_subnet": {
                    "type": "aws_db_subnet_group",
                    "depends_on": [
                        "data.aws_subnet_ids.natdc_subnet_ids"
                    ],
                    "primary": {
                        "id": "poc-lemur-db-subnet",
                        "attributes": {
                            "arn": "arn:aws:rds:us-east-1:432181555651:subgrp:poc-lemur-db-subnet",
                            "description": "Lemur DB Subnet Group Managed by Horizon",
                            "id": "poc-lemur-db-subnet",
                            "name": "poc-lemur-db-subnet",
                            "subnet_ids.#": "5",
                            "subnet_ids.2929905445": "subnet-f9e4db9c",
                            "subnet_ids.3313307266": "subnet-897fb5d3",
                            "subnet_ids.3874639391": "subnet-b5caef89",
                            "subnet_ids.713148556": "subnet-2b68e063",
                            "subnet_ids.725729595": "subnet-a4e53988",
                            "tags.%": "7",
                            "tags.Name": "poc-lemur-db-subnet",
                            "tags.account_name": "jivek8-aws",
                            "tags.jive_service": "lemur",
                            "tags.pipeline_phase": "poc",
                            "tags.region": "us-east-1",
                            "tags.service_component": "lemur",
                            "tags.sla": "non-prod"
                        },
                        "meta": {},
                        "tainted": false
                    },
                    "deposed": [],
                    "provider": ""
                },
                "aws_ebs_volume.lemur_ebs": {
                    "type": "aws_ebs_volume",
                    "depends_on": [],
                    "primary": {
                        "id": "vol-0bcc4b5ca5734c44e",
                        "attributes": {
                            "availability_zone": "us-east-1a",
                            "encrypted": "true",
                            "id": "vol-0bcc4b5ca5734c44e",
                            "kms_key_id": "arn:aws:kms:us-east-1:432181555651:key/ed3c8280-2ec6-4b7f-9b37-81d20e7fe17d",
                            "size": "20",
                            "snapshot_id": "",
                            "tags.%": "8",
                            "tags.Account_name": "jivek8-aws",
                            "tags.Hostname": "poc-lemur-instance1",
                            "tags.Jive_service": "lemur",
                            "tags.Name": "poc-lemur-instance",
                            "tags.Pipeline_phase": "poc",
                            "tags.Region": "us-east-1",
                            "tags.SLA": "non-prod",
                            "tags.Service_component": "lemur",
                            "type": "gp2"
                        },
                        "meta": {},
                        "tainted": false
                    },
                    "deposed": [],
                    "provider": ""
                },
                "aws_elb.lemur": {
                    "type": "aws_elb",
                    "depends_on": [
                        "aws_security_group.lemur_instance"
                    ],
                    "primary": {
                        "id": "lemur-elb",
                        "attributes": {
                            "access_logs.#": "0",
                            "availability_zones.#": "1",
                            "availability_zones.3569565595": "us-east-1a",
                            "connection_draining": "false",
                            "connection_draining_timeout": "300",
                            "cross_zone_load_balancing": "true",
                            "dns_name": "lemur-elb-899850058.us-east-1.elb.amazonaws.com",
                            "health_check.#": "1",
                            "health_check.0.healthy_threshold": "2",
                            "health_check.0.interval": "30",
                            "health_check.0.target": "TCP:443",
                            "health_check.0.timeout": "3",
                            "health_check.0.unhealthy_threshold": "2",
                            "id": "lemur-elb",
                            "idle_timeout": "60",
                            "instances.#": "0",
                            "internal": "false",
                            "listener.#": "2",
                            "listener.2974294026.instance_port": "80",
                            "listener.2974294026.instance_protocol": "tcp",
                            "listener.2974294026.lb_port": "80",
                            "listener.2974294026.lb_protocol": "tcp",
                            "listener.2974294026.ssl_certificate_id": "",
                            "listener.610193557.instance_port": "443",
                            "listener.610193557.instance_protocol": "tcp",
                            "listener.610193557.lb_port": "443",
                            "listener.610193557.lb_protocol": "tcp",
                            "listener.610193557.ssl_certificate_id": "",
                            "name": "lemur-elb",
                            "security_groups.#": "1",
                            "security_groups.2474400702": "sg-b60bd4c7",
                            "source_security_group": "432181555651/poc-lemur-instance",
                            "source_security_group_id": "sg-b60bd4c7",
                            "subnets.#": "1",
                            "subnets.6772745": "subnet-307fb56a",
                            "tags.%": "7",
                            "tags.Account_name": "jivek8-aws",
                            "tags.Jive_service": "lemur",
                            "tags.Name": "poc-lemur-elb",
                            "tags.Pipeline_phase": "poc",
                            "tags.Region": "us-east-1",
                            "tags.SLA": "non-prod",
                            "tags.Service_component": "lemur",
                            "zone_id": "Z35SXDOTRQ7X7K"
                        },
                        "meta": {},
                        "tainted": false
                    },
                    "deposed": [],
                    "provider": ""
                },
                "aws_iam_instance_profile.lemur_profile": {
                    "type": "aws_iam_instance_profile",
                    "depends_on": [
                        "aws_iam_role.lemur_role"
                    ],
                    "primary": {
                        "id": "poc-lemur_profile",
                        "attributes": {
                            "arn": "arn:aws:iam::432181555651:instance-profile/poc-lemur_profile",
                            "id": "poc-lemur_profile",
                            "name": "poc-lemur_profile",
                            "path": "/",
                            "role": "Lemur",
                            "roles.#": "1",
                            "roles.4220879028": "Lemur",
                            "unique_id": "AIPAJYITNOWRMCWYO4AKA"
                        },
                        "meta": {},
                        "tainted": false
                    },
                    "deposed": [],
                    "provider": ""
                },
                "aws_iam_role.lemur_role": {
                    "type": "aws_iam_role",
                    "depends_on": [],
                    "primary": {
                        "id": "Lemur",
                        "attributes": {
                            "arn": "arn:aws:iam::432181555651:role/Lemur",
                            "assume_role_policy": "{\"Version\":\"2012-10-17\",\"Statement\":[{\"Sid\":\"\",\"Effect\":\"Allow\",\"Principal\":{\"Service\":\"ec2.amazonaws.com\"},\"Action\":\"sts:AssumeRole\"}]}",
                            "create_date": "2017-06-23T01:01:29Z",
                            "id": "Lemur",
                            "name": "Lemur",
                            "path": "/",
                            "unique_id": "AROAJDUPP44VPA54PPUDG"
                        },
                        "meta": {},
                        "tainted": false
                    },
                    "deposed": [],
                    "provider": ""
                },
                "aws_iam_role_policy.lemur_policy": {
                    "type": "aws_iam_role_policy",
                    "depends_on": [
                        "aws_ebs_volume.lemur_ebs",
                        "aws_iam_role.lemur_role",
                        "aws_s3_bucket.certs_lemur",
                        "aws_s3_bucket.lemur_mako_shared_secret"
                    ],
                    "primary": {
                        "id": "Lemur:poc-lemur-policy",
                        "attributes": {
                            "id": "Lemur:poc-lemur-policy",
                            "name": "poc-lemur-policy",
                            "policy": "{\n  \"Version\": \"2012-10-17\",\n  \"Statement\": [\n    {\n      \"Effect\": \"Allow\",\n      \"Action\": [\n        \"rds:DescribeAccountAttributes\",\n        \"rds:DescribeDBClusterParameters\",\n        \"rds:DescribeDBClusters\",\n        \"rds:DescribeDBInstances\"\n      ],\n      \"Resource\": [\"arn:aws:rds:*:*:db:*lemur*\"]\n    },\n    {\n       \"Effect\": \"Allow\",\n       \"Action\": [\"ec2:AttachVolume\"],\n       \"Resource\": [\n          \"arn:aws:ec2:*:*:instance/*\",\n          \"arn:aws:ec2:*:*:volume/vol-0bcc4b5ca5734c44e\"\n       ]\n    },\n    {\n       \"Effect\": \"Allow\",\n       \"Action\": [\"ec2:Describe*\"],\n       \"Resource\": \"*\"\n    },\n    {\n      \"Effect\": \"Allow\",\n      \"Action\": [\n        \"S3:PutObject\",\n        \"S3:PutObjectAcl\"\n      ],\n      \"Resource\": [\n        \"arn:aws:s3:::poc-lemur-mako-shared-secret/*\",\n        \"arn:aws:s3:::us-east-1-jivek8-aws-master/*\",\n        \"arn:aws:s3:::us-east-1-jivek8-aws-node/*\",\n        \"arn:aws:s3:::us-east-1-jivek8-aws-etcd/*\"\n      ]\n    },\n    {\n      \"Effect\": \"Allow\",\n      \"Action\": [\n        \"s3:GetObject\",\n        \"s3:ListBucket\"\n      ],\n      \"Resource\": [\n        \"arn:aws:s3:::poc-lemur-certs/*\",\n        \"arn:aws:s3:::poc-lemur-mako-shared-secret/*\",\n        \"arn:aws:s3:::jive-ansible-coreos-vault-jivek8-aws/*\"\n      ]\n    },\n    {\n      \"Effect\": \"Allow\",\n      \"Action\": [\n        \"route53:ChangeResourceRecordSets\",\n        \"route53:GetChange\",\n        \"route53:GetChangeDetails\",\n        \"route53:ListHostedZones\"\n      ],\n      \"Resource\": \"*\"\n    },\n    {\n      \"Effect\": \"Allow\",\n      \"Action\": \"sts:AssumeRole\",\n      \"Resource\": \"arn:aws:iam::*:role/Lemur\"\n    }\n  ]\n}\n",
                            "role": "Lemur"
                        },
                        "meta": {},
                        "tainted": false
                    },
                    "deposed": [],
                    "provider": ""
                },
                "aws_launch_configuration.lemur_node": {
                    "type": "aws_launch_configuration",
                    "depends_on": [],
                    "primary": {
                        "id": "terraform-00aa1c614a71a2bd36e398fb02",
                        "attributes": {
                            "associate_public_ip_address": "false",
                            "ebs_block_device.#": "0",
                            "ebs_optimized": "false",
                            "enable_monitoring": "true",
                            "ephemeral_block_device.#": "0",
                            "iam_instance_profile": "poc-lemur_profile",
                            "id": "terraform-00aa1c614a71a2bd36e398fb02",
                            "image_id": "ami-e51f38f2",
                            "instance_type": "m4.large",
                            "key_name": "plops-jivek8",
                            "name": "terraform-00aa1c614a71a2bd36e398fb02",
                            "root_block_device.#": "1",
                            "root_block_device.0.delete_on_termination": "true",
                            "root_block_device.0.iops": "0",
                            "root_block_device.0.volume_size": "40",
                            "root_block_device.0.volume_type": "gp2",
                            "security_groups.#": "1",
                            "security_groups.2474400702": "sg-b60bd4c7",
                            "spot_price": "",
                            "user_data": "71f36e6b94d8be0c8b4d5eedb3940f0919ac964d",
                            "vpc_classic_link_id": "",
                            "vpc_classic_link_security_groups.#": "0"
                        },
                        "meta": {},
                        "tainted": false
                    },
                    "deposed": [],
                    "provider": ""
                },
                "aws_s3_bucket.certs_lemur": {
                    "type": "aws_s3_bucket",
                    "depends_on": [
                        "aws_s3_bucket.lemur_certs_log"
                    ],
                    "primary": {
                        "id": "poc-lemur-certs",
                        "attributes": {
                            "acceleration_status": "",
                            "acl": "private",
                            "arn": "arn:aws:s3:::poc-lemur-certs",
                            "bucket": "poc-lemur-certs",
                            "bucket_domain_name": "poc-lemur-certs.s3.amazonaws.com",
                            "force_destroy": "false",
                            "hosted_zone_id": "Z3AQBSTGFYJSTF",
                            "id": "poc-lemur-certs",
                            "logging.#": "1",
                            "logging.1917262250.target_bucket": "poc-lemur-certs-log-access",
                            "logging.1917262250.target_prefix": "log/lemur",
                            "region": "us-east-1",
                            "request_payer": "BucketOwner",
                            "tags.%": "7",
                            "tags.Name": "poc-lemur-certs",
                            "tags.account_name": "jivek8-aws",
                            "tags.jive_service": "lemur",
                            "tags.pipeline_phase": "poc",
                            "tags.region": "us-east-1",
                            "tags.service_component": "lemur",
                            "tags.sla": "non-prod",
                            "versioning.#": "1",
                            "versioning.0.enabled": "false",
                            "versioning.0.mfa_delete": "false",
                            "website.#": "0"
                        },
                        "meta": {},
                        "tainted": false
                    },
                    "deposed": [],
                    "provider": ""
                },
                "aws_s3_bucket.lemur_certs_log": {
                    "type": "aws_s3_bucket",
                    "depends_on": [],
                    "primary": {
                        "id": "poc-lemur-certs-log-access",
                        "attributes": {
                            "acceleration_status": "",
                            "acl": "log-delivery-write",
                            "arn": "arn:aws:s3:::poc-lemur-certs-log-access",
                            "bucket": "poc-lemur-certs-log-access",
                            "bucket_domain_name": "poc-lemur-certs-log-access.s3.amazonaws.com",
                            "force_destroy": "false",
                            "hosted_zone_id": "Z3AQBSTGFYJSTF",
                            "id": "poc-lemur-certs-log-access",
                            "logging.#": "0",
                            "region": "us-east-1",
                            "request_payer": "BucketOwner",
                            "tags.%": "7",
                            "tags.Name": "poc-lemur-cert-log-access",
                            "tags.account_name": "jivek8-aws",
                            "tags.jive_service": "lemur",
                            "tags.pipeline_phase": "poc",
                            "tags.region": "us-east-1",
                            "tags.service_component": "lemur",
                            "tags.sla": "non-prod",
                            "versioning.#": "1",
                            "versioning.0.enabled": "false",
                            "versioning.0.mfa_delete": "false",
                            "website.#": "0"
                        },
                        "meta": {},
                        "tainted": false
                    },
                    "deposed": [],
                    "provider": ""
                },
                "aws_s3_bucket.lemur_mako_shared_secret": {
                    "type": "aws_s3_bucket",
                    "depends_on": [],
                    "primary": {
                        "id": "poc-lemur-mako-shared-secret",
                        "attributes": {
                            "acceleration_status": "",
                            "acl": "private",
                            "arn": "arn:aws:s3:::poc-lemur-mako-shared-secret",
                            "bucket": "poc-lemur-mako-shared-secret",
                            "bucket_domain_name": "poc-lemur-mako-shared-secret.s3.amazonaws.com",
                            "force_destroy": "false",
                            "hosted_zone_id": "Z3AQBSTGFYJSTF",
                            "id": "poc-lemur-mako-shared-secret",
                            "logging.#": "0",
                            "region": "us-east-1",
                            "request_payer": "BucketOwner",
                            "tags.%": "7",
                            "tags.Name": "poc-lemur-mako-shared-secret",
                            "tags.account_name": "jivek8-aws",
                            "tags.jive_service": "lemur",
                            "tags.pipeline_phase": "poc",
                            "tags.region": "us-east-1",
                            "tags.service_component": "lemur",
                            "tags.sla": "non-prod",
                            "versioning.#": "1",
                            "versioning.0.enabled": "false",
                            "versioning.0.mfa_delete": "false",
                            "website.#": "0"
                        },
                        "meta": {},
                        "tainted": false
                    },
                    "deposed": [],
                    "provider": ""
                },
                "aws_security_group.lemur_db": {
                    "type": "aws_security_group",
                    "depends_on": [
                        "aws_security_group.lemur_instance"
                    ],
                    "primary": {
                        "id": "sg-4405da35",
                        "attributes": {
                            "description": "Access to Lemur DB",
                            "egress.#": "0",
                            "id": "sg-4405da35",
                            "ingress.#": "1",
                            "ingress.880527792.cidr_blocks.#": "0",
                            "ingress.880527792.from_port": "5432",
                            "ingress.880527792.ipv6_cidr_blocks.#": "0",
                            "ingress.880527792.protocol": "tcp",
                            "ingress.880527792.security_groups.#": "1",
                            "ingress.880527792.security_groups.2474400702": "sg-b60bd4c7",
                            "ingress.880527792.self": "false",
                            "ingress.880527792.to_port": "5432",
                            "name": "poc-lemur-db",
                            "owner_id": "432181555651",
                            "tags.%": "7",
                            "tags.Name": "poc-lemur-db",
                            "tags.account_name": "jivek8-aws",
                            "tags.jive_service": "lemur",
                            "tags.pipeline_phase": "poc",
                            "tags.region": "us-east-1",
                            "tags.service_component": "lemur",
                            "tags.sla": "non-prod",
                            "vpc_id": "vpc-e6ac679f"
                        },
                        "meta": {},
                        "tainted": false
                    },
                    "deposed": [],
                    "provider": ""
                },
                "aws_security_group.lemur_instance": {
                    "type": "aws_security_group",
                    "depends_on": [],
                    "primary": {
                        "id": "sg-b60bd4c7",
                        "attributes": {
                            "description": "Access to Lemur instance",
                            "egress.#": "1",
                            "egress.482069346.cidr_blocks.#": "1",
                            "egress.482069346.cidr_blocks.0": "0.0.0.0/0",
                            "egress.482069346.from_port": "0",
                            "egress.482069346.ipv6_cidr_blocks.#": "0",
                            "egress.482069346.prefix_list_ids.#": "0",
                            "egress.482069346.protocol": "-1",
                            "egress.482069346.security_groups.#": "0",
                            "egress.482069346.self": "false",
                            "egress.482069346.to_port": "0",
                            "id": "sg-b60bd4c7",
                            "ingress.#": "4",
                            "ingress.179083333.cidr_blocks.#": "1",
                            "ingress.179083333.cidr_blocks.0": "10.0.0.0/8",
                            "ingress.179083333.from_port": "22",
                            "ingress.179083333.ipv6_cidr_blocks.#": "0",
                            "ingress.179083333.protocol": "tcp",
                            "ingress.179083333.security_groups.#": "0",
                            "ingress.179083333.self": "false",
                            "ingress.179083333.to_port": "22",
                            "ingress.2214680975.cidr_blocks.#": "1",
                            "ingress.2214680975.cidr_blocks.0": "0.0.0.0/0",
                            "ingress.2214680975.from_port": "80",
                            "ingress.2214680975.ipv6_cidr_blocks.#": "0",
                            "ingress.2214680975.protocol": "tcp",
                            "ingress.2214680975.security_groups.#": "0",
                            "ingress.2214680975.self": "false",
                            "ingress.2214680975.to_port": "80",
                            "ingress.2617001939.cidr_blocks.#": "1",
                            "ingress.2617001939.cidr_blocks.0": "0.0.0.0/0",
                            "ingress.2617001939.from_port": "443",
                            "ingress.2617001939.ipv6_cidr_blocks.#": "0",
                            "ingress.2617001939.protocol": "tcp",
                            "ingress.2617001939.security_groups.#": "0",
                            "ingress.2617001939.self": "false",
                            "ingress.2617001939.to_port": "443",
                            "ingress.753360330.cidr_blocks.#": "0",
                            "ingress.753360330.from_port": "0",
                            "ingress.753360330.ipv6_cidr_blocks.#": "0",
                            "ingress.753360330.protocol": "-1",
                            "ingress.753360330.security_groups.#": "0",
                            "ingress.753360330.self": "true",
                            "ingress.753360330.to_port": "0",
                            "name": "poc-lemur-instance",
                            "owner_id": "432181555651",
                            "tags.%": "7",
                            "tags.Name": "poc-lemur-instance",
                            "tags.account_name": "jivek8-aws",
                            "tags.jive_service": "lemur",
                            "tags.pipeline_phase": "poc",
                            "tags.region": "us-east-1",
                            "tags.service_component": "lemur",
                            "tags.sla": "non-prod",
                            "vpc_id": "vpc-e6ac679f"
                        },
                        "meta": {},
                        "tainted": false
                    },
                    "deposed": [],
                    "provider": ""
                },
                "data.aws_subnet_ids.natdc_subnet_ids": {
                    "type": "aws_subnet_ids",
                    "depends_on": [],
                    "primary": {
                        "id": "vpc-e6ac679f",
                        "attributes": {
                            "id": "vpc-e6ac679f",
                            "ids.#": "5",
                            "ids.2929905445": "subnet-f9e4db9c",
                            "ids.3313307266": "subnet-897fb5d3",
                            "ids.3874639391": "subnet-b5caef89",
                            "ids.713148556": "subnet-2b68e063",
                            "ids.725729595": "subnet-a4e53988",
                            "tags.%": "1",
                            "tags.kubernetes.io/role/internal-elb": "us-east-1_jivek8-aws",
                            "vpc_id": "vpc-e6ac679f"
                        },
                        "meta": {},
                        "tainted": false
                    },
                    "deposed": [],
                    "provider": ""
                },
                "data.template_file.cloud_config": {
                    "type": "template_file",
                    "depends_on": [],
                    "primary": {
                        "id": "9067960fbd94d5982fb95af19504a76e49b586cd41b3792ec2ad7f74b150ed5c",
                        "attributes": {
                            "id": "9067960fbd94d5982fb95af19504a76e49b586cd41b3792ec2ad7f74b150ed5c",
                            "rendered": "#cloud-config\ncoreos:\n  units:\n  - name: bootstrap.service\n    command: start\n    content: |\n      [Unit]\n      Requires=early-docker.service\n      After=early-docker.service\n      Description=Bootstraps the node\n      [Service]\n      Environment=\"DOCKER_HOST=unix:///var/run/early-docker.sock\"\n      Type=oneshot\n      RemainAfterExit=yes\n      ExecStart=/root/bootstrap.sh\n  - name: settimezone.service\n    command: start\n    content: |\n      [Unit]\n      Description=Set the timezone\n      [Service]\n      ExecStart=/usr/bin/timedatectl set-timezone UTC\n      RemainAfterExit=yes\n      Type=oneshot\n  update:\n    reboot-strategy: off\nssh_authorized_keys:\n  - ssh-rsa AAAAB3NzaC1yc2EAAAADAQABAAABAQDdUn7MngzRWLusJ+9S2MSibbJjkxV0fa5D6fUKJnGuYHxgL3vpMi+TLWRUIFv9tmBIxard8nS4/mNu6P0ENm5LmkAYPJngEMbCoQmpk89tbQIrlZrhr5FffP3fJfxzahEtYjEtNuBQuuMwrXN3hvuehVGWEu1lFG6WLYnejL0au2L4CJhCoV2g+b/uqTjsFVHhbGWvuazYL9SJmH2mWqEnbj2tj7goemU88bycisrMIvpKVWhu02KM2FUHgPwtoENi909LTpiD/y+3FzBwa7cpMNjmTmrzPbJTZ7gNNzSpPWHtCejE/B06+7lxSzbeRQP6q1Xb++bcVWODvh6qCb4b\nwrite_files:\n  - path: /root/bootstrap.sh\n    permissions: 0755\n    content: |\n      #!/usr/bin/bash\n      #\n      if [ -f /etc/coreos/update.conf ] ; then\n        rm  /etc/coreos/update.conf\n      fi\n\n      ARTIFACT_BOOTSTRAP_PREFIX=ansible-coreos-bootstrap\n      ARTIFACT_PREFIX=ansible-coreos\n      BUCKET_NAME=jive-ansible-coreos-vault-jivek8-aws\n\n      ansible_build_artifact=\"${ARTIFACT_PREFIX}-lemur\"\n\n      declare -r aws_cli_docker_image=anigeo/awscli\n\n      /usr/bin/wget https://s3-us-west-2.amazonaws.com/${BUCKET_NAME}/${ansible_build_artifact}.tar.gz -O /tmp/${ARTIFACT_PREFIX}.tar.gz\n      if [ $? -ne 0 ] || [ ! -s /tmp/${ARTIFACT_PREFIX}.tar.gz ] ; then\n        # if the wget failed or the file is 0 bytes, then pull it via API\n        echo \"wget failed, running AWS CLI to get file...\"\n        docker run --rm --name aws-cli-s3 \\\n          -v /tmp:/tmp \\\n          --net=host \\\n          $aws_cli_docker_image  s3api get-object --bucket ${BUCKET_NAME} --key ${ansible_build_artifact}.tar.gz /tmp/${ARTIFACT_PREFIX}.tar.gz\n      fi\n      tar -xzf /tmp/${ARTIFACT_PREFIX}.tar.gz -C /srv\n\n      chmod +x /srv/ansible-coreos/inventory_ec2/ec2.py\n      bash -vx /srv/ansible-coreos/bin/run-ansible-container.sh\n\n      exit 0\n  - path: /etc/hosts\n    permissions: 0644\n    content: |\n      10.160.4.127 docker.phx1.jivehosted.com\n      10.160.70.25 pulp-slave\n  - path: /root/.dockercfg\n    permissions: 0600\n    owner: core\n    content: |\n        {\n            \"https://reg.miru.io/v1/\": {\n                \"email\": \"\",\n                \"auth\": \"ZWNzOmJbMyZAV24jUTRzSUgsPy5aZjZBdEhFNmJjVi0hLDc=\"\n            }\n        }\n",
                            "template": "#cloud-config\ncoreos:\n  units:\n  - name: bootstrap.service\n    command: start\n    content: |\n      [Unit]\n      Requires=early-docker.service\n      After=early-docker.service\n      Description=Bootstraps the node\n      [Service]\n      Environment=\"DOCKER_HOST=unix:///var/run/early-docker.sock\"\n      Type=oneshot\n      RemainAfterExit=yes\n      ExecStart=/root/bootstrap.sh\n  - name: settimezone.service\n    command: start\n    content: |\n      [Unit]\n      Description=Set the timezone\n      [Service]\n      ExecStart=/usr/bin/timedatectl set-timezone UTC\n      RemainAfterExit=yes\n      Type=oneshot\n  update:\n    reboot-strategy: off\nssh_authorized_keys:\n  - ssh-rsa AAAAB3NzaC1yc2EAAAADAQABAAABAQDdUn7MngzRWLusJ+9S2MSibbJjkxV0fa5D6fUKJnGuYHxgL3vpMi+TLWRUIFv9tmBIxard8nS4/mNu6P0ENm5LmkAYPJngEMbCoQmpk89tbQIrlZrhr5FffP3fJfxzahEtYjEtNuBQuuMwrXN3hvuehVGWEu1lFG6WLYnejL0au2L4CJhCoV2g+b/uqTjsFVHhbGWvuazYL9SJmH2mWqEnbj2tj7goemU88bycisrMIvpKVWhu02KM2FUHgPwtoENi909LTpiD/y+3FzBwa7cpMNjmTmrzPbJTZ7gNNzSpPWHtCejE/B06+7lxSzbeRQP6q1Xb++bcVWODvh6qCb4b\nwrite_files:\n  - path: /root/bootstrap.sh\n    permissions: 0755\n    content: |\n      #!/usr/bin/bash\n      #\n      if [ -f /etc/coreos/update.conf ] ; then\n        rm  /etc/coreos/update.conf\n      fi\n\n      ARTIFACT_BOOTSTRAP_PREFIX=ansible-coreos-bootstrap\n      ARTIFACT_PREFIX=ansible-coreos\n      BUCKET_NAME=jive-ansible-coreos-vault-jivek8-aws\n\n      ansible_build_artifact=\"$${ARTIFACT_PREFIX}-lemur\"\n\n      declare -r aws_cli_docker_image=anigeo/awscli\n\n      /usr/bin/wget https://s3-us-west-2.amazonaws.com/$${BUCKET_NAME}/$${ansible_build_artifact}.tar.gz -O /tmp/$${ARTIFACT_PREFIX}.tar.gz\n      if [ $? -ne 0 ] || [ ! -s /tmp/$${ARTIFACT_PREFIX}.tar.gz ] ; then\n        # if the wget failed or the file is 0 bytes, then pull it via API\n        echo \"wget failed, running AWS CLI to get file...\"\n        docker run --rm --name aws-cli-s3 \\\n          -v /tmp:/tmp \\\n          --net=host \\\n          $aws_cli_docker_image  s3api get-object --bucket $${BUCKET_NAME} --key $${ansible_build_artifact}.tar.gz /tmp/$${ARTIFACT_PREFIX}.tar.gz\n      fi\n      tar -xzf /tmp/$${ARTIFACT_PREFIX}.tar.gz -C /srv\n\n      chmod +x /srv/ansible-coreos/inventory_ec2/ec2.py\n      bash -vx /srv/ansible-coreos/bin/run-ansible-container.sh\n\n      exit 0\n  - path: /etc/hosts\n    permissions: 0644\n    content: |\n      10.160.4.127 docker.phx1.jivehosted.com\n      10.160.70.25 pulp-slave\n  - path: /root/.dockercfg\n    permissions: 0600\n    owner: core\n    content: |\n        {\n            \"https://reg.miru.io/v1/\": {\n                \"email\": \"\",\n                \"auth\": \"ZWNzOmJbMyZAV24jUTRzSUgsPy5aZjZBdEhFNmJjVi0hLDc=\"\n            }\n        }\n"
                        },
                        "meta": {},
                        "tainted": false
                    },
                    "deposed": [],
                    "provider": ""
                }
            },
            "depends_on": []
        }
    ]
}
