{
    "version": 3,
    "terraform_version": "0.9.2",
    "serial": 16,
    "lineage": "e0fb17d1-1858-449e-9484-fefb71e2b189",
    "modules": [
        {
            "path": [
                "root"
            ],
            "outputs": {},
            "resources": {
                "aws_eip.natgw.0": {
                    "type": "aws_eip",
                    "depends_on": [],
                    "primary": {
                        "id": "eipalloc-5b2b443f",
                        "attributes": {
                            "association_id": "eipassoc-a0aad79a",
                            "domain": "vpc",
                            "id": "eipalloc-5b2b443f",
                            "instance": "",
                            "network_interface": "eni-1cc9de34",
                            "private_ip": "10.123.108.102",
                            "public_ip": "52.39.66.156",
                            "vpc": "true"
                        },
                        "meta": {},
                        "tainted": false
                    },
                    "deposed": [],
                    "provider": ""
                },
                "aws_eip.natgw.1": {
                    "type": "aws_eip",
                    "depends_on": [],
                    "primary": {
                        "id": "eipalloc-0b2cb531",
                        "attributes": {
                            "association_id": "eipassoc-b2aad788",
                            "domain": "vpc",
                            "id": "eipalloc-0b2cb531",
                            "instance": "",
                            "network_interface": "eni-d2dcebe8",
                            "private_ip": "10.123.108.178",
                            "public_ip": "54.148.157.77",
                            "vpc": "true"
                        },
                        "meta": {},
                        "tainted": false
                    },
                    "deposed": [],
                    "provider": ""
                },
                "aws_eip.natgw.2": {
                    "type": "aws_eip",
                    "depends_on": [],
                    "primary": {
                        "id": "eipalloc-1b28b121",
                        "attributes": {
                            "association_id": "eipassoc-1daad727",
                            "domain": "vpc",
                            "id": "eipalloc-1b28b121",
                            "instance": "",
                            "network_interface": "eni-4a397c46",
                            "private_ip": "10.123.109.9",
                            "public_ip": "35.163.241.87",
                            "vpc": "true"
                        },
                        "meta": {},
                        "tainted": false
                    },
                    "deposed": [],
                    "provider": ""
                },
                "aws_internet_gateway.igw": {
                    "type": "aws_internet_gateway",
                    "depends_on": [
                        "aws_vpc.main"
                    ],
                    "primary": {
                        "id": "igw-4c090e29",
                        "attributes": {
                            "id": "igw-4c090e29",
                            "tags.%": "5",
                            "tags.Name": "prod-igw",
                            "tags.account_name": "jive-data-prod",
                            "tags.pipeline_phase": "prod",
                            "tags.region": "us-west-2",
                            "tags.sla": "prod",
                            "vpc_id": "vpc-cc77c2a8"
                        },
                        "meta": {},
                        "tainted": false
                    },
                    "deposed": [],
                    "provider": ""
                },
                "aws_nat_gateway.natgw.0": {
                    "type": "aws_nat_gateway",
                    "depends_on": [
                        "aws_eip.natgw.*",
                        "aws_internet_gateway.igw",
                        "aws_subnet.public.*"
                    ],
                    "primary": {
                        "id": "nat-02f0a828838cda005",
                        "attributes": {
                            "allocation_id": "eipalloc-5b2b443f",
                            "id": "nat-02f0a828838cda005",
                            "network_interface_id": "eni-1cc9de34",
                            "private_ip": "10.123.108.102",
                            "public_ip": "52.39.66.156",
                            "subnet_id": "subnet-e759e883"
                        },
                        "meta": {},
                        "tainted": false
                    },
                    "deposed": [],
                    "provider": ""
                },
                "aws_nat_gateway.natgw.1": {
                    "type": "aws_nat_gateway",
                    "depends_on": [
                        "aws_eip.natgw.*",
                        "aws_internet_gateway.igw",
                        "aws_subnet.public.*"
                    ],
                    "primary": {
                        "id": "nat-03cf27e56c2071d0e",
                        "attributes": {
                            "allocation_id": "eipalloc-0b2cb531",
                            "id": "nat-03cf27e56c2071d0e",
                            "network_interface_id": "eni-d2dcebe8",
                            "private_ip": "10.123.108.178",
                            "public_ip": "54.148.157.77",
                            "subnet_id": "subnet-9dd913eb"
                        },
                        "meta": {},
                        "tainted": false
                    },
                    "deposed": [],
                    "provider": ""
                },
                "aws_nat_gateway.natgw.2": {
                    "type": "aws_nat_gateway",
                    "depends_on": [
                        "aws_eip.natgw.*",
                        "aws_internet_gateway.igw",
                        "aws_subnet.public.*"
                    ],
                    "primary": {
                        "id": "nat-095211d9b7f47a529",
                        "attributes": {
                            "allocation_id": "eipalloc-1b28b121",
                            "id": "nat-095211d9b7f47a529",
                            "network_interface_id": "eni-4a397c46",
                            "private_ip": "10.123.109.9",
                            "public_ip": "35.163.241.87",
                            "subnet_id": "subnet-95cad0cc"
                        },
                        "meta": {},
                        "tainted": false
                    },
                    "deposed": [],
                    "provider": ""
                },
                "aws_route.bastion_natdc.0": {
                    "type": "aws_route",
                    "depends_on": [
                        "aws_route_table.natdc.*",
                        "aws_vpc_peering_connection.infra"
                    ],
                    "primary": {
                        "id": "r-rtb-728b1716142001428",
                        "attributes": {
                            "destination_cidr_block": "10.127.27.7/32",
                            "destination_prefix_list_id": "",
                            "egress_only_gateway_id": "",
                            "gateway_id": "",
                            "id": "r-rtb-728b1716142001428",
                            "instance_id": "",
                            "instance_owner_id": "",
                            "nat_gateway_id": "",
                            "network_interface_id": "",
                            "origin": "CreateRoute",
                            "route_table_id": "rtb-728b1716",
                            "state": "active",
                            "vpc_peering_connection_id": "pcx-d09933b9"
                        },
                        "meta": {},
                        "tainted": false
                    },
                    "deposed": [],
                    "provider": ""
                },
                "aws_route.bastion_natdc.1": {
                    "type": "aws_route",
                    "depends_on": [
                        "aws_route_table.natdc.*",
                        "aws_vpc_peering_connection.infra"
                    ],
                    "primary": {
                        "id": "r-rtb-4bfb242d142001428",
                        "attributes": {
                            "destination_cidr_block": "10.127.27.7/32",
                            "destination_prefix_list_id": "",
                            "egress_only_gateway_id": "",
                            "gateway_id": "",
                            "id": "r-rtb-4bfb242d142001428",
                            "instance_id": "",
                            "instance_owner_id": "",
                            "nat_gateway_id": "",
                            "network_interface_id": "",
                            "origin": "CreateRoute",
                            "route_table_id": "rtb-4bfb242d",
                            "state": "active",
                            "vpc_peering_connection_id": "pcx-d09933b9"
                        },
                        "meta": {},
                        "tainted": false
                    },
                    "deposed": [],
                    "provider": ""
                },
                "aws_route.bastion_natdc.2": {
                    "type": "aws_route",
                    "depends_on": [
                        "aws_route_table.natdc.*",
                        "aws_vpc_peering_connection.infra"
                    ],
                    "primary": {
                        "id": "r-rtb-3cf9265a142001428",
                        "attributes": {
                            "destination_cidr_block": "10.127.27.7/32",
                            "destination_prefix_list_id": "",
                            "egress_only_gateway_id": "",
                            "gateway_id": "",
                            "id": "r-rtb-3cf9265a142001428",
                            "instance_id": "",
                            "instance_owner_id": "",
                            "nat_gateway_id": "",
                            "network_interface_id": "",
                            "origin": "CreateRoute",
                            "route_table_id": "rtb-3cf9265a",
                            "state": "active",
                            "vpc_peering_connection_id": "pcx-d09933b9"
                        },
                        "meta": {},
                        "tainted": false
                    },
                    "deposed": [],
                    "provider": ""
                },
                "aws_route.bastion_private": {
                    "type": "aws_route",
                    "depends_on": [
                        "aws_route_table.private",
                        "aws_vpc_peering_connection.infra"
                    ],
                    "primary": {
                        "id": "r-rtb-d68a16b2142001428",
                        "attributes": {
                            "destination_cidr_block": "10.127.27.7/32",
                            "destination_prefix_list_id": "",
                            "egress_only_gateway_id": "",
                            "gateway_id": "",
                            "id": "r-rtb-d68a16b2142001428",
                            "instance_id": "",
                            "instance_owner_id": "",
                            "nat_gateway_id": "",
                            "network_interface_id": "",
                            "origin": "CreateRoute",
                            "route_table_id": "rtb-d68a16b2",
                            "state": "active",
                            "vpc_peering_connection_id": "pcx-d09933b9"
                        },
                        "meta": {},
                        "tainted": false
                    },
                    "deposed": [],
                    "provider": ""
                },
                "aws_route.bastion_public": {
                    "type": "aws_route",
                    "depends_on": [
                        "aws_route_table.public",
                        "aws_vpc_peering_connection.infra"
                    ],
                    "primary": {
                        "id": "r-rtb-d58a16b1142001428",
                        "attributes": {
                            "destination_cidr_block": "10.127.27.7/32",
                            "destination_prefix_list_id": "",
                            "egress_only_gateway_id": "",
                            "gateway_id": "",
                            "id": "r-rtb-d58a16b1142001428",
                            "instance_id": "",
                            "instance_owner_id": "",
                            "nat_gateway_id": "",
                            "network_interface_id": "",
                            "origin": "CreateRoute",
                            "route_table_id": "rtb-d58a16b1",
                            "state": "active",
                            "vpc_peering_connection_id": "pcx-d09933b9"
                        },
                        "meta": {},
                        "tainted": false
                    },
                    "deposed": [],
                    "provider": ""
                },
                "aws_route.infra_natdc.0": {
                    "type": "aws_route",
                    "depends_on": [
                        "aws_vpc_peering_connection.infra"
                    ],
                    "primary": {
                        "id": "r-rtb-89bc35ed4127423379",
                        "attributes": {
                            "destination_cidr_block": "10.123.96.0/20",
                            "destination_prefix_list_id": "",
                            "egress_only_gateway_id": "",
                            "gateway_id": "",
                            "id": "r-rtb-89bc35ed4127423379",
                            "instance_id": "",
                            "instance_owner_id": "",
                            "nat_gateway_id": "",
                            "network_interface_id": "",
                            "origin": "CreateRoute",
                            "route_table_id": "rtb-89bc35ed",
                            "state": "active",
                            "vpc_peering_connection_id": "pcx-d09933b9"
                        },
                        "meta": {},
                        "tainted": false
                    },
                    "deposed": [],
                    "provider": ""
                },
                "aws_route.infra_natdc.1": {
                    "type": "aws_route",
                    "depends_on": [
                        "aws_vpc_peering_connection.infra"
                    ],
                    "primary": {
                        "id": "r-rtb-3afb245c4127423379",
                        "attributes": {
                            "destination_cidr_block": "10.123.96.0/20",
                            "destination_prefix_list_id": "",
                            "egress_only_gateway_id": "",
                            "gateway_id": "",
                            "id": "r-rtb-3afb245c4127423379",
                            "instance_id": "",
                            "instance_owner_id": "",
                            "nat_gateway_id": "",
                            "network_interface_id": "",
                            "origin": "CreateRoute",
                            "route_table_id": "rtb-3afb245c",
                            "state": "active",
                            "vpc_peering_connection_id": "pcx-d09933b9"
                        },
                        "meta": {},
                        "tainted": false
                    },
                    "deposed": [],
                    "provider": ""
                },
                "aws_route.infra_natdc.2": {
                    "type": "aws_route",
                    "depends_on": [
                        "aws_vpc_peering_connection.infra"
                    ],
                    "primary": {
                        "id": "r-rtb-82fd22e44127423379",
                        "attributes": {
                            "destination_cidr_block": "10.123.96.0/20",
                            "destination_prefix_list_id": "",
                            "egress_only_gateway_id": "",
                            "gateway_id": "",
                            "id": "r-rtb-82fd22e44127423379",
                            "instance_id": "",
                            "instance_owner_id": "",
                            "nat_gateway_id": "",
                            "network_interface_id": "",
                            "origin": "CreateRoute",
                            "route_table_id": "rtb-82fd22e4",
                            "state": "active",
                            "vpc_peering_connection_id": "pcx-d09933b9"
                        },
                        "meta": {},
                        "tainted": false
                    },
                    "deposed": [],
                    "provider": ""
                },
                "aws_route.infra_private": {
                    "type": "aws_route",
                    "depends_on": [
                        "aws_vpc_peering_connection.infra"
                    ],
                    "primary": {
                        "id": "r-rtb-c1bc35a54127423379",
                        "attributes": {
                            "destination_cidr_block": "10.123.96.0/20",
                            "destination_prefix_list_id": "",
                            "egress_only_gateway_id": "",
                            "gateway_id": "",
                            "id": "r-rtb-c1bc35a54127423379",
                            "instance_id": "",
                            "instance_owner_id": "",
                            "nat_gateway_id": "",
                            "network_interface_id": "",
                            "origin": "CreateRoute",
                            "route_table_id": "rtb-c1bc35a5",
                            "state": "active",
                            "vpc_peering_connection_id": "pcx-d09933b9"
                        },
                        "meta": {},
                        "tainted": false
                    },
                    "deposed": [],
                    "provider": ""
                },
                "aws_route.infra_public": {
                    "type": "aws_route",
                    "depends_on": [
                        "aws_vpc_peering_connection.infra"
                    ],
                    "primary": {
                        "id": "r-rtb-cdbc35a94127423379",
                        "attributes": {
                            "destination_cidr_block": "10.123.96.0/20",
                            "destination_prefix_list_id": "",
                            "egress_only_gateway_id": "",
                            "gateway_id": "",
                            "id": "r-rtb-cdbc35a94127423379",
                            "instance_id": "",
                            "instance_owner_id": "",
                            "nat_gateway_id": "",
                            "network_interface_id": "",
                            "origin": "CreateRoute",
                            "route_table_id": "rtb-cdbc35a9",
                            "state": "active",
                            "vpc_peering_connection_id": "pcx-d09933b9"
                        },
                        "meta": {},
                        "tainted": false
                    },
                    "deposed": [],
                    "provider": ""
                },
                "aws_route.microservices_jcx_natdc.0": {
                    "type": "aws_route",
                    "depends_on": [
                        "aws_route_table.natdc.*"
                    ],
                    "primary": {
                        "id": "r-rtb-728b17163789401802",
                        "attributes": {
                            "destination_cidr_block": "10.122.112.0/20",
                            "destination_prefix_list_id": "",
                            "egress_only_gateway_id": "",
                            "gateway_id": "",
                            "id": "r-rtb-728b17163789401802",
                            "instance_id": "",
                            "instance_owner_id": "",
                            "nat_gateway_id": "",
                            "network_interface_id": "",
                            "origin": "CreateRoute",
                            "route_table_id": "rtb-728b1716",
                            "state": "active",
                            "vpc_peering_connection_id": "pcx-7eea6c17"
                        },
                        "meta": {},
                        "tainted": false
                    },
                    "deposed": [],
                    "provider": ""
                },
                "aws_route.microservices_jcx_natdc.1": {
                    "type": "aws_route",
                    "depends_on": [
                        "aws_route_table.natdc.*"
                    ],
                    "primary": {
                        "id": "r-rtb-4bfb242d3789401802",
                        "attributes": {
                            "destination_cidr_block": "10.122.112.0/20",
                            "destination_prefix_list_id": "",
                            "egress_only_gateway_id": "",
                            "gateway_id": "",
                            "id": "r-rtb-4bfb242d3789401802",
                            "instance_id": "",
                            "instance_owner_id": "",
                            "nat_gateway_id": "",
                            "network_interface_id": "",
                            "origin": "CreateRoute",
                            "route_table_id": "rtb-4bfb242d",
                            "state": "active",
                            "vpc_peering_connection_id": "pcx-7eea6c17"
                        },
                        "meta": {},
                        "tainted": false
                    },
                    "deposed": [],
                    "provider": ""
                },
                "aws_route.microservices_jcx_natdc.2": {
                    "type": "aws_route",
                    "depends_on": [
                        "aws_route_table.natdc.*"
                    ],
                    "primary": {
                        "id": "r-rtb-3cf9265a3789401802",
                        "attributes": {
                            "destination_cidr_block": "10.122.112.0/20",
                            "destination_prefix_list_id": "",
                            "egress_only_gateway_id": "",
                            "gateway_id": "",
                            "id": "r-rtb-3cf9265a3789401802",
                            "instance_id": "",
                            "instance_owner_id": "",
                            "nat_gateway_id": "",
                            "network_interface_id": "",
                            "origin": "CreateRoute",
                            "route_table_id": "rtb-3cf9265a",
                            "state": "active",
                            "vpc_peering_connection_id": "pcx-7eea6c17"
                        },
                        "meta": {},
                        "tainted": false
                    },
                    "deposed": [],
                    "provider": ""
                },
                "aws_route.microservices_jcx_private": {
                    "type": "aws_route",
                    "depends_on": [
                        "aws_route_table.private"
                    ],
                    "primary": {
                        "id": "r-rtb-d68a16b23789401802",
                        "attributes": {
                            "destination_cidr_block": "10.122.112.0/20",
                            "destination_prefix_list_id": "",
                            "egress_only_gateway_id": "",
                            "gateway_id": "",
                            "id": "r-rtb-d68a16b23789401802",
                            "instance_id": "",
                            "instance_owner_id": "",
                            "nat_gateway_id": "",
                            "network_interface_id": "",
                            "origin": "CreateRoute",
                            "route_table_id": "rtb-d68a16b2",
                            "state": "active",
                            "vpc_peering_connection_id": "pcx-7eea6c17"
                        },
                        "meta": {},
                        "tainted": false
                    },
                    "deposed": [],
                    "provider": ""
                },
                "aws_route.microservices_jcx_public": {
                    "type": "aws_route",
                    "depends_on": [
                        "aws_route_table.public"
                    ],
                    "primary": {
                        "id": "r-rtb-d58a16b13789401802",
                        "attributes": {
                            "destination_cidr_block": "10.122.112.0/20",
                            "destination_prefix_list_id": "",
                            "egress_only_gateway_id": "",
                            "gateway_id": "",
                            "id": "r-rtb-d58a16b13789401802",
                            "instance_id": "",
                            "instance_owner_id": "",
                            "nat_gateway_id": "",
                            "network_interface_id": "",
                            "origin": "CreateRoute",
                            "route_table_id": "rtb-d58a16b1",
                            "state": "active",
                            "vpc_peering_connection_id": "pcx-7eea6c17"
                        },
                        "meta": {},
                        "tainted": false
                    },
                    "deposed": [],
                    "provider": ""
                },
                "aws_route.microservices_natdc.0": {
                    "type": "aws_route",
                    "depends_on": [
                        "aws_route_table.natdc.*"
                    ],
                    "primary": {
                        "id": "r-rtb-728b17162455901786",
                        "attributes": {
                            "destination_cidr_block": "10.124.96.0/20",
                            "destination_prefix_list_id": "",
                            "egress_only_gateway_id": "",
                            "gateway_id": "",
                            "id": "r-rtb-728b17162455901786",
                            "instance_id": "",
                            "instance_owner_id": "",
                            "nat_gateway_id": "",
                            "network_interface_id": "",
                            "origin": "CreateRoute",
                            "route_table_id": "rtb-728b1716",
                            "state": "active",
                            "vpc_peering_connection_id": "pcx-f47bfc9d"
                        },
                        "meta": {},
                        "tainted": false
                    },
                    "deposed": [],
                    "provider": ""
                },
                "aws_route.microservices_natdc.1": {
                    "type": "aws_route",
                    "depends_on": [
                        "aws_route_table.natdc.*"
                    ],
                    "primary": {
                        "id": "r-rtb-4bfb242d2455901786",
                        "attributes": {
                            "destination_cidr_block": "10.124.96.0/20",
                            "destination_prefix_list_id": "",
                            "egress_only_gateway_id": "",
                            "gateway_id": "",
                            "id": "r-rtb-4bfb242d2455901786",
                            "instance_id": "",
                            "instance_owner_id": "",
                            "nat_gateway_id": "",
                            "network_interface_id": "",
                            "origin": "CreateRoute",
                            "route_table_id": "rtb-4bfb242d",
                            "state": "active",
                            "vpc_peering_connection_id": "pcx-f47bfc9d"
                        },
                        "meta": {},
                        "tainted": false
                    },
                    "deposed": [],
                    "provider": ""
                },
                "aws_route.microservices_natdc.2": {
                    "type": "aws_route",
                    "depends_on": [
                        "aws_route_table.natdc.*"
                    ],
                    "primary": {
                        "id": "r-rtb-3cf9265a2455901786",
                        "attributes": {
                            "destination_cidr_block": "10.124.96.0/20",
                            "destination_prefix_list_id": "",
                            "egress_only_gateway_id": "",
                            "gateway_id": "",
                            "id": "r-rtb-3cf9265a2455901786",
                            "instance_id": "",
                            "instance_owner_id": "",
                            "nat_gateway_id": "",
                            "network_interface_id": "",
                            "origin": "CreateRoute",
                            "route_table_id": "rtb-3cf9265a",
                            "state": "active",
                            "vpc_peering_connection_id": "pcx-f47bfc9d"
                        },
                        "meta": {},
                        "tainted": false
                    },
                    "deposed": [],
                    "provider": ""
                },
                "aws_route.microservices_private": {
                    "type": "aws_route",
                    "depends_on": [
                        "aws_route_table.private"
                    ],
                    "primary": {
                        "id": "r-rtb-d68a16b22455901786",
                        "attributes": {
                            "destination_cidr_block": "10.124.96.0/20",
                            "destination_prefix_list_id": "",
                            "egress_only_gateway_id": "",
                            "gateway_id": "",
                            "id": "r-rtb-d68a16b22455901786",
                            "instance_id": "",
                            "instance_owner_id": "",
                            "nat_gateway_id": "",
                            "network_interface_id": "",
                            "origin": "CreateRoute",
                            "route_table_id": "rtb-d68a16b2",
                            "state": "active",
                            "vpc_peering_connection_id": "pcx-f47bfc9d"
                        },
                        "meta": {},
                        "tainted": false
                    },
                    "deposed": [],
                    "provider": ""
                },
                "aws_route.microservices_public": {
                    "type": "aws_route",
                    "depends_on": [
                        "aws_route_table.public"
                    ],
                    "primary": {
                        "id": "r-rtb-d58a16b12455901786",
                        "attributes": {
                            "destination_cidr_block": "10.124.96.0/20",
                            "destination_prefix_list_id": "",
                            "egress_only_gateway_id": "",
                            "gateway_id": "",
                            "id": "r-rtb-d58a16b12455901786",
                            "instance_id": "",
                            "instance_owner_id": "",
                            "nat_gateway_id": "",
                            "network_interface_id": "",
                            "origin": "CreateRoute",
                            "route_table_id": "rtb-d58a16b1",
                            "state": "active",
                            "vpc_peering_connection_id": "pcx-f47bfc9d"
                        },
                        "meta": {},
                        "tainted": false
                    },
                    "deposed": [],
                    "provider": ""
                },
                "aws_route53_zone_association.route53": {
                    "type": "aws_route53_zone_association",
                    "depends_on": [
                        "aws_vpc.main"
                    ],
                    "primary": {
                        "id": "ZC46QDQ3D8IG:vpc-cc77c2a8",
                        "attributes": {
                            "id": "ZC46QDQ3D8IG:vpc-cc77c2a8",
                            "vpc_id": "vpc-cc77c2a8",
                            "vpc_region": "us-west-2",
                            "zone_id": "ZC46QDQ3D8IG"
                        },
                        "meta": {},
                        "tainted": false
                    },
                    "deposed": [],
                    "provider": ""
                },
                "aws_route_table.natdc.0": {
                    "type": "aws_route_table",
                    "depends_on": [
                        "aws_nat_gateway.natgw",
                        "aws_vpc.main",
                        "aws_vpn_gateway.vgw"
                    ],
                    "primary": {
                        "id": "rtb-728b1716",
                        "attributes": {
                            "id": "rtb-728b1716",
                            "propagating_vgws.#": "1",
                            "propagating_vgws.3698792702": "vgw-31a27b2f",
                            "route.#": "4",
                            "route.1047117805.cidr_block": "10.124.96.0/20",
                            "route.1047117805.egress_only_gateway_id": "",
                            "route.1047117805.gateway_id": "",
                            "route.1047117805.instance_id": "",
                            "route.1047117805.ipv6_cidr_block": "",
                            "route.1047117805.nat_gateway_id": "",
                            "route.1047117805.network_interface_id": "",
                            "route.1047117805.vpc_peering_connection_id": "pcx-f47bfc9d",
                            "route.1821821117.cidr_block": "10.127.27.7/32",
                            "route.1821821117.egress_only_gateway_id": "",
                            "route.1821821117.gateway_id": "",
                            "route.1821821117.instance_id": "",
                            "route.1821821117.ipv6_cidr_block": "",
                            "route.1821821117.nat_gateway_id": "",
                            "route.1821821117.network_interface_id": "",
                            "route.1821821117.vpc_peering_connection_id": "pcx-d09933b9",
                            "route.534178765.cidr_block": "10.122.112.0/20",
                            "route.534178765.egress_only_gateway_id": "",
                            "route.534178765.gateway_id": "",
                            "route.534178765.instance_id": "",
                            "route.534178765.ipv6_cidr_block": "",
                            "route.534178765.nat_gateway_id": "",
                            "route.534178765.network_interface_id": "",
                            "route.534178765.vpc_peering_connection_id": "pcx-7eea6c17",
                            "route.959471502.cidr_block": "0.0.0.0/0",
                            "route.959471502.egress_only_gateway_id": "",
                            "route.959471502.gateway_id": "",
                            "route.959471502.instance_id": "",
                            "route.959471502.ipv6_cidr_block": "",
                            "route.959471502.nat_gateway_id": "nat-02f0a828838cda005",
                            "route.959471502.network_interface_id": "",
                            "route.959471502.vpc_peering_connection_id": "",
                            "tags.%": "5",
                            "tags.Name": "prod-natdc-routetable",
                            "tags.account_name": "jive-data-prod",
                            "tags.pipeline_phase": "prod",
                            "tags.region": "us-west-2",
                            "tags.sla": "prod",
                            "vpc_id": "vpc-cc77c2a8"
                        },
                        "meta": {},
                        "tainted": false
                    },
                    "deposed": [],
                    "provider": ""
                },
                "aws_route_table.natdc.1": {
                    "type": "aws_route_table",
                    "depends_on": [
                        "aws_nat_gateway.natgw.*",
                        "aws_vpc.main",
                        "aws_vpn_gateway.vgw"
                    ],
                    "primary": {
                        "id": "rtb-4bfb242d",
                        "attributes": {
                            "id": "rtb-4bfb242d",
                            "propagating_vgws.#": "1",
                            "propagating_vgws.3698792702": "vgw-31a27b2f",
                            "route.#": "4",
                            "route.1047117805.cidr_block": "10.124.96.0/20",
                            "route.1047117805.egress_only_gateway_id": "",
                            "route.1047117805.gateway_id": "",
                            "route.1047117805.instance_id": "",
                            "route.1047117805.ipv6_cidr_block": "",
                            "route.1047117805.nat_gateway_id": "",
                            "route.1047117805.network_interface_id": "",
                            "route.1047117805.vpc_peering_connection_id": "pcx-f47bfc9d",
                            "route.1055191049.cidr_block": "0.0.0.0/0",
                            "route.1055191049.egress_only_gateway_id": "",
                            "route.1055191049.gateway_id": "",
                            "route.1055191049.instance_id": "",
                            "route.1055191049.ipv6_cidr_block": "",
                            "route.1055191049.nat_gateway_id": "nat-03cf27e56c2071d0e",
                            "route.1055191049.network_interface_id": "",
                            "route.1055191049.vpc_peering_connection_id": "",
                            "route.1821821117.cidr_block": "10.127.27.7/32",
                            "route.1821821117.egress_only_gateway_id": "",
                            "route.1821821117.gateway_id": "",
                            "route.1821821117.instance_id": "",
                            "route.1821821117.ipv6_cidr_block": "",
                            "route.1821821117.nat_gateway_id": "",
                            "route.1821821117.network_interface_id": "",
                            "route.1821821117.vpc_peering_connection_id": "pcx-d09933b9",
                            "route.534178765.cidr_block": "10.122.112.0/20",
                            "route.534178765.egress_only_gateway_id": "",
                            "route.534178765.gateway_id": "",
                            "route.534178765.instance_id": "",
                            "route.534178765.ipv6_cidr_block": "",
                            "route.534178765.nat_gateway_id": "",
                            "route.534178765.network_interface_id": "",
                            "route.534178765.vpc_peering_connection_id": "pcx-7eea6c17",
                            "tags.%": "5",
                            "tags.Name": "prod-natdc-routetable",
                            "tags.account_name": "jive-data-prod",
                            "tags.pipeline_phase": "prod",
                            "tags.region": "us-west-2",
                            "tags.sla": "prod",
                            "vpc_id": "vpc-cc77c2a8"
                        },
                        "meta": {},
                        "tainted": false
                    },
                    "deposed": [],
                    "provider": ""
                },
                "aws_route_table.natdc.2": {
                    "type": "aws_route_table",
                    "depends_on": [
                        "aws_nat_gateway.natgw.*",
                        "aws_vpc.main",
                        "aws_vpn_gateway.vgw"
                    ],
                    "primary": {
                        "id": "rtb-3cf9265a",
                        "attributes": {
                            "id": "rtb-3cf9265a",
                            "propagating_vgws.#": "1",
                            "propagating_vgws.3698792702": "vgw-31a27b2f",
                            "route.#": "4",
                            "route.1047117805.cidr_block": "10.124.96.0/20",
                            "route.1047117805.egress_only_gateway_id": "",
                            "route.1047117805.gateway_id": "",
                            "route.1047117805.instance_id": "",
                            "route.1047117805.ipv6_cidr_block": "",
                            "route.1047117805.nat_gateway_id": "",
                            "route.1047117805.network_interface_id": "",
                            "route.1047117805.vpc_peering_connection_id": "pcx-f47bfc9d",
                            "route.1821821117.cidr_block": "10.127.27.7/32",
                            "route.1821821117.egress_only_gateway_id": "",
                            "route.1821821117.gateway_id": "",
                            "route.1821821117.instance_id": "",
                            "route.1821821117.ipv6_cidr_block": "",
                            "route.1821821117.nat_gateway_id": "",
                            "route.1821821117.network_interface_id": "",
                            "route.1821821117.vpc_peering_connection_id": "pcx-d09933b9",
                            "route.3912167743.cidr_block": "0.0.0.0/0",
                            "route.3912167743.egress_only_gateway_id": "",
                            "route.3912167743.gateway_id": "",
                            "route.3912167743.instance_id": "",
                            "route.3912167743.ipv6_cidr_block": "",
                            "route.3912167743.nat_gateway_id": "nat-095211d9b7f47a529",
                            "route.3912167743.network_interface_id": "",
                            "route.3912167743.vpc_peering_connection_id": "",
                            "route.534178765.cidr_block": "10.122.112.0/20",
                            "route.534178765.egress_only_gateway_id": "",
                            "route.534178765.gateway_id": "",
                            "route.534178765.instance_id": "",
                            "route.534178765.ipv6_cidr_block": "",
                            "route.534178765.nat_gateway_id": "",
                            "route.534178765.network_interface_id": "",
                            "route.534178765.vpc_peering_connection_id": "pcx-7eea6c17",
                            "tags.%": "5",
                            "tags.Name": "prod-natdc-routetable",
                            "tags.account_name": "jive-data-prod",
                            "tags.pipeline_phase": "prod",
                            "tags.region": "us-west-2",
                            "tags.sla": "prod",
                            "vpc_id": "vpc-cc77c2a8"
                        },
                        "meta": {},
                        "tainted": false
                    },
                    "deposed": [],
                    "provider": ""
                },
                "aws_route_table.private": {
                    "type": "aws_route_table",
                    "depends_on": [
                        "aws_vpc.main"
                    ],
                    "primary": {
                        "id": "rtb-d68a16b2",
                        "attributes": {
                            "id": "rtb-d68a16b2",
                            "propagating_vgws.#": "0",
                            "route.#": "3",
                            "route.1047117805.cidr_block": "10.124.96.0/20",
                            "route.1047117805.egress_only_gateway_id": "",
                            "route.1047117805.gateway_id": "",
                            "route.1047117805.instance_id": "",
                            "route.1047117805.ipv6_cidr_block": "",
                            "route.1047117805.nat_gateway_id": "",
                            "route.1047117805.network_interface_id": "",
                            "route.1047117805.vpc_peering_connection_id": "pcx-f47bfc9d",
                            "route.1821821117.cidr_block": "10.127.27.7/32",
                            "route.1821821117.egress_only_gateway_id": "",
                            "route.1821821117.gateway_id": "",
                            "route.1821821117.instance_id": "",
                            "route.1821821117.ipv6_cidr_block": "",
                            "route.1821821117.nat_gateway_id": "",
                            "route.1821821117.network_interface_id": "",
                            "route.1821821117.vpc_peering_connection_id": "pcx-d09933b9",
                            "route.534178765.cidr_block": "10.122.112.0/20",
                            "route.534178765.egress_only_gateway_id": "",
                            "route.534178765.gateway_id": "",
                            "route.534178765.instance_id": "",
                            "route.534178765.ipv6_cidr_block": "",
                            "route.534178765.nat_gateway_id": "",
                            "route.534178765.network_interface_id": "",
                            "route.534178765.vpc_peering_connection_id": "pcx-7eea6c17",
                            "tags.%": "5",
                            "tags.Name": "prod-private-routetable",
                            "tags.account_name": "jive-data-prod",
                            "tags.pipeline_phase": "prod",
                            "tags.region": "us-west-2",
                            "tags.sla": "prod",
                            "vpc_id": "vpc-cc77c2a8"
                        },
                        "meta": {},
                        "tainted": false
                    },
                    "deposed": [],
                    "provider": ""
                },
                "aws_route_table.public": {
                    "type": "aws_route_table",
                    "depends_on": [
                        "aws_internet_gateway.igw",
                        "aws_vpc.main"
                    ],
                    "primary": {
                        "id": "rtb-d58a16b1",
                        "attributes": {
                            "id": "rtb-d58a16b1",
                            "propagating_vgws.#": "0",
                            "route.#": "4",
                            "route.1047117805.cidr_block": "10.124.96.0/20",
                            "route.1047117805.egress_only_gateway_id": "",
                            "route.1047117805.gateway_id": "",
                            "route.1047117805.instance_id": "",
                            "route.1047117805.ipv6_cidr_block": "",
                            "route.1047117805.nat_gateway_id": "",
                            "route.1047117805.network_interface_id": "",
                            "route.1047117805.vpc_peering_connection_id": "pcx-f47bfc9d",
                            "route.1481173050.cidr_block": "0.0.0.0/0",
                            "route.1481173050.egress_only_gateway_id": "",
                            "route.1481173050.gateway_id": "igw-4c090e29",
                            "route.1481173050.instance_id": "",
                            "route.1481173050.ipv6_cidr_block": "",
                            "route.1481173050.nat_gateway_id": "",
                            "route.1481173050.network_interface_id": "",
                            "route.1481173050.vpc_peering_connection_id": "",
                            "route.1821821117.cidr_block": "10.127.27.7/32",
                            "route.1821821117.egress_only_gateway_id": "",
                            "route.1821821117.gateway_id": "",
                            "route.1821821117.instance_id": "",
                            "route.1821821117.ipv6_cidr_block": "",
                            "route.1821821117.nat_gateway_id": "",
                            "route.1821821117.network_interface_id": "",
                            "route.1821821117.vpc_peering_connection_id": "pcx-d09933b9",
                            "route.534178765.cidr_block": "10.122.112.0/20",
                            "route.534178765.egress_only_gateway_id": "",
                            "route.534178765.gateway_id": "",
                            "route.534178765.instance_id": "",
                            "route.534178765.ipv6_cidr_block": "",
                            "route.534178765.nat_gateway_id": "",
                            "route.534178765.network_interface_id": "",
                            "route.534178765.vpc_peering_connection_id": "pcx-7eea6c17",
                            "tags.%": "6",
                            "tags.KubernetesCluster": "us-west-2_jive-data-prod",
                            "tags.Name": "prod-public-routetable",
                            "tags.account_name": "jive-data-prod",
                            "tags.pipeline_phase": "prod",
                            "tags.region": "us-west-2",
                            "tags.sla": "prod",
                            "vpc_id": "vpc-cc77c2a8"
                        },
                        "meta": {},
                        "tainted": false
                    },
                    "deposed": [],
                    "provider": ""
                },
                "aws_route_table_association.natdc.0": {
                    "type": "aws_route_table_association",
                    "depends_on": [
                        "aws_route_table.natdc.*",
                        "aws_subnet.natdc.*"
                    ],
                    "primary": {
                        "id": "rtbassoc-b202c9cb",
                        "attributes": {
                            "id": "rtbassoc-b202c9cb",
                            "route_table_id": "rtb-728b1716",
                            "subnet_id": "subnet-ef59e88b"
                        },
                        "meta": {},
                        "tainted": false
                    },
                    "deposed": [],
                    "provider": ""
                },
                "aws_route_table_association.natdc.1": {
                    "type": "aws_route_table_association",
                    "depends_on": [
                        "aws_route_table.natdc.*",
                        "aws_subnet.natdc.*"
                    ],
                    "primary": {
                        "id": "rtbassoc-600cc719",
                        "attributes": {
                            "id": "rtbassoc-600cc719",
                            "route_table_id": "rtb-4bfb242d",
                            "subnet_id": "subnet-97d913e1"
                        },
                        "meta": {},
                        "tainted": false
                    },
                    "deposed": [],
                    "provider": ""
                },
                "aws_route_table_association.natdc.2": {
                    "type": "aws_route_table_association",
                    "depends_on": [
                        "aws_route_table.natdc.*",
                        "aws_subnet.natdc.*"
                    ],
                    "primary": {
                        "id": "rtbassoc-6d06cd14",
                        "attributes": {
                            "id": "rtbassoc-6d06cd14",
                            "route_table_id": "rtb-3cf9265a",
                            "subnet_id": "subnet-9dcad0c4"
                        },
                        "meta": {},
                        "tainted": false
                    },
                    "deposed": [],
                    "provider": ""
                },
                "aws_route_table_association.private.0": {
                    "type": "aws_route_table_association",
                    "depends_on": [
                        "aws_route_table.private",
                        "aws_subnet.private"
                    ],
                    "primary": {
                        "id": "rtbassoc-52808136",
                        "attributes": {
                            "id": "rtbassoc-52808136",
                            "route_table_id": "rtb-d68a16b2",
                            "subnet_id": "subnet-e659e882"
                        },
                        "meta": {},
                        "tainted": false
                    },
                    "deposed": [],
                    "provider": ""
                },
                "aws_route_table_association.private.1": {
                    "type": "aws_route_table_association",
                    "depends_on": [
                        "aws_route_table.private",
                        "aws_subnet.private"
                    ],
                    "primary": {
                        "id": "rtbassoc-5d808139",
                        "attributes": {
                            "id": "rtbassoc-5d808139",
                            "route_table_id": "rtb-d68a16b2",
                            "subnet_id": "subnet-96d913e0"
                        },
                        "meta": {},
                        "tainted": false
                    },
                    "deposed": [],
                    "provider": ""
                },
                "aws_route_table_association.private.2": {
                    "type": "aws_route_table_association",
                    "depends_on": [
                        "aws_route_table.private",
                        "aws_subnet.private"
                    ],
                    "primary": {
                        "id": "rtbassoc-53808137",
                        "attributes": {
                            "id": "rtbassoc-53808137",
                            "route_table_id": "rtb-d68a16b2",
                            "subnet_id": "subnet-97cad0ce"
                        },
                        "meta": {},
                        "tainted": false
                    },
                    "deposed": [],
                    "provider": ""
                },
                "aws_route_table_association.public.0": {
                    "type": "aws_route_table_association",
                    "depends_on": [
                        "aws_route_table.public",
                        "aws_subnet.public"
                    ],
                    "primary": {
                        "id": "rtbassoc-50808134",
                        "attributes": {
                            "id": "rtbassoc-50808134",
                            "route_table_id": "rtb-d58a16b1",
                            "subnet_id": "subnet-e759e883"
                        },
                        "meta": {},
                        "tainted": false
                    },
                    "deposed": [],
                    "provider": ""
                },
                "aws_route_table_association.public.1": {
                    "type": "aws_route_table_association",
                    "depends_on": [
                        "aws_route_table.public",
                        "aws_subnet.public"
                    ],
                    "primary": {
                        "id": "rtbassoc-57808133",
                        "attributes": {
                            "id": "rtbassoc-57808133",
                            "route_table_id": "rtb-d58a16b1",
                            "subnet_id": "subnet-9dd913eb"
                        },
                        "meta": {},
                        "tainted": false
                    },
                    "deposed": [],
                    "provider": ""
                },
                "aws_route_table_association.public.2": {
                    "type": "aws_route_table_association",
                    "depends_on": [
                        "aws_route_table.public",
                        "aws_subnet.public"
                    ],
                    "primary": {
                        "id": "rtbassoc-56808132",
                        "attributes": {
                            "id": "rtbassoc-56808132",
                            "route_table_id": "rtb-d58a16b1",
                            "subnet_id": "subnet-95cad0cc"
                        },
                        "meta": {},
                        "tainted": false
                    },
                    "deposed": [],
                    "provider": ""
                },
                "aws_security_group.admin_instance": {
                    "type": "aws_security_group",
                    "depends_on": [
                        "aws_vpc.main"
                    ],
                    "primary": {
                        "id": "sg-8e5742e9",
                        "attributes": {
                            "description": "Admin instances for the VPC",
                            "egress.#": "0",
                            "id": "sg-8e5742e9",
                            "ingress.#": "0",
                            "name": "prod-admin-instance",
                            "owner_id": "467524913882",
                            "tags.%": "5",
                            "tags.Name": "prod-admin-instance",
                            "tags.account_name": "jive-data-prod",
                            "tags.pipeline_phase": "prod",
                            "tags.region": "us-west-2",
                            "tags.sla": "prod",
                            "vpc_id": "vpc-cc77c2a8"
                        },
                        "meta": {},
                        "tainted": false
                    },
                    "deposed": [],
                    "provider": ""
                },
                "aws_security_group.env_instance": {
                    "type": "aws_security_group",
                    "depends_on": [
                        "aws_vpc.main",
                        "data.aws_security_group.bastion"
                    ],
                    "primary": {
                        "id": "sg-67564300",
                        "attributes": {
                            "description": "All instances within the evironment",
                            "egress.#": "1",
                            "egress.482069346.cidr_blocks.#": "1",
                            "egress.482069346.cidr_blocks.0": "0.0.0.0/0",
                            "egress.482069346.from_port": "0",
                            "egress.482069346.ipv6_cidr_blocks.#": "0",
                            "egress.482069346.prefix_list_ids.#": "0",
                            "egress.482069346.protocol": "-1",
                            "egress.482069346.security_groups.#": "0",
                            "egress.482069346.self": "false",
                            "egress.482069346.to_port": "0",
                            "id": "sg-67564300",
                            "ingress.#": "2",
                            "ingress.2237838822.cidr_blocks.#": "0",
                            "ingress.2237838822.from_port": "8",
                            "ingress.2237838822.ipv6_cidr_blocks.#": "0",
                            "ingress.2237838822.protocol": "icmp",
                            "ingress.2237838822.security_groups.#": "1",
                            "ingress.2237838822.security_groups.2591230291": "sg-8bc3f3ec",
                            "ingress.2237838822.self": "false",
                            "ingress.2237838822.to_port": "0",
                            "ingress.940993093.cidr_blocks.#": "0",
                            "ingress.940993093.from_port": "22",
                            "ingress.940993093.ipv6_cidr_blocks.#": "0",
                            "ingress.940993093.protocol": "tcp",
                            "ingress.940993093.security_groups.#": "1",
                            "ingress.940993093.security_groups.2591230291": "sg-8bc3f3ec",
                            "ingress.940993093.self": "false",
                            "ingress.940993093.to_port": "22",
                            "name": "prod-instance",
                            "owner_id": "467524913882",
                            "tags.%": "5",
                            "tags.Name": "prod-instance",
                            "tags.account_name": "jive-data-prod",
                            "tags.pipeline_phase": "prod",
                            "tags.region": "us-west-2",
                            "tags.sla": "prod",
                            "vpc_id": "vpc-cc77c2a8"
                        },
                        "meta": {},
                        "tainted": false
                    },
                    "deposed": [],
                    "provider": ""
                },
                "aws_security_group.natgw_instance": {
                    "type": "aws_security_group",
                    "depends_on": [
                        "aws_security_group.env_instance",
                        "aws_vpc.main"
                    ],
                    "primary": {
                        "id": "sg-6c56430b",
                        "attributes": {
                            "description": "Members of this SG are allowed to send any type of traffic to the NAT Box.",
                            "egress.#": "0",
                            "id": "sg-6c56430b",
                            "ingress.#": "1",
                            "ingress.129222122.cidr_blocks.#": "0",
                            "ingress.129222122.from_port": "0",
                            "ingress.129222122.ipv6_cidr_blocks.#": "0",
                            "ingress.129222122.protocol": "-1",
                            "ingress.129222122.security_groups.#": "1",
                            "ingress.129222122.security_groups.3096041373": "sg-67564300",
                            "ingress.129222122.self": "false",
                            "ingress.129222122.to_port": "0",
                            "name": "prod-natgw-instance",
                            "owner_id": "467524913882",
                            "tags.%": "5",
                            "tags.Name": "prod-natgw-instance",
                            "tags.account_name": "jive-data-prod",
                            "tags.pipeline_phase": "prod",
                            "tags.region": "us-west-2",
                            "tags.sla": "prod",
                            "vpc_id": "vpc-cc77c2a8"
                        },
                        "meta": {},
                        "tainted": false
                    },
                    "deposed": [],
                    "provider": ""
                },
                "aws_subnet.natdc.0": {
                    "type": "aws_subnet",
                    "depends_on": [
                        "aws_vpc.main"
                    ],
                    "primary": {
                        "id": "subnet-ef59e88b",
                        "attributes": {
                            "assign_ipv6_address_on_creation": "false",
                            "availability_zone": "us-west-2a",
                            "cidr_block": "10.123.96.0/22",
                            "id": "subnet-ef59e88b",
                            "map_public_ip_on_launch": "false",
                            "tags.%": "7",
                            "tags.KubernetesCluster": "us-west-2_jive-data-prod",
                            "tags.Name": "prod-natdc-subnet",
                            "tags.account_name": "jive-data-prod",
                            "tags.kubernetes.io/role/internal-elb": "us-west-2_jive-data-prod",
                            "tags.pipeline_phase": "prod",
                            "tags.region": "us-west-2",
                            "tags.sla": "prod",
                            "vpc_id": "vpc-cc77c2a8"
                        },
                        "meta": {},
                        "tainted": false
                    },
                    "deposed": [],
                    "provider": ""
                },
                "aws_subnet.natdc.1": {
                    "type": "aws_subnet",
                    "depends_on": [
                        "aws_vpc.main"
                    ],
                    "primary": {
                        "id": "subnet-97d913e1",
                        "attributes": {
                            "assign_ipv6_address_on_creation": "false",
                            "availability_zone": "us-west-2b",
                            "cidr_block": "10.123.100.0/22",
                            "id": "subnet-97d913e1",
                            "map_public_ip_on_launch": "false",
                            "tags.%": "7",
                            "tags.KubernetesCluster": "us-west-2_jive-data-prod",
                            "tags.Name": "prod-natdc-subnet",
                            "tags.account_name": "jive-data-prod",
                            "tags.kubernetes.io/role/internal-elb": "us-west-2_jive-data-prod",
                            "tags.pipeline_phase": "prod",
                            "tags.region": "us-west-2",
                            "tags.sla": "prod",
                            "vpc_id": "vpc-cc77c2a8"
                        },
                        "meta": {},
                        "tainted": false
                    },
                    "deposed": [],
                    "provider": ""
                },
                "aws_subnet.natdc.2": {
                    "type": "aws_subnet",
                    "depends_on": [
                        "aws_vpc.main"
                    ],
                    "primary": {
                        "id": "subnet-9dcad0c4",
                        "attributes": {
                            "assign_ipv6_address_on_creation": "false",
                            "availability_zone": "us-west-2c",
                            "cidr_block": "10.123.104.0/22",
                            "id": "subnet-9dcad0c4",
                            "map_public_ip_on_launch": "false",
                            "tags.%": "7",
                            "tags.KubernetesCluster": "us-west-2_jive-data-prod",
                            "tags.Name": "prod-natdc-subnet",
                            "tags.account_name": "jive-data-prod",
                            "tags.kubernetes.io/role/internal-elb": "us-west-2_jive-data-prod",
                            "tags.pipeline_phase": "prod",
                            "tags.region": "us-west-2",
                            "tags.sla": "prod",
                            "vpc_id": "vpc-cc77c2a8"
                        },
                        "meta": {},
                        "tainted": false
                    },
                    "deposed": [],
                    "provider": ""
                },
                "aws_subnet.private.0": {
                    "type": "aws_subnet",
                    "depends_on": [
                        "aws_vpc.main"
                    ],
                    "primary": {
                        "id": "subnet-e659e882",
                        "attributes": {
                            "assign_ipv6_address_on_creation": "false",
                            "availability_zone": "us-west-2a",
                            "cidr_block": "10.123.109.128/25",
                            "id": "subnet-e659e882",
                            "map_public_ip_on_launch": "false",
                            "tags.%": "5",
                            "tags.Name": "prod-private-subnet",
                            "tags.account_name": "jive-data-prod",
                            "tags.pipeline_phase": "prod",
                            "tags.region": "us-west-2",
                            "tags.sla": "prod",
                            "vpc_id": "vpc-cc77c2a8"
                        },
                        "meta": {},
                        "tainted": false
                    },
                    "deposed": [],
                    "provider": ""
                },
                "aws_subnet.private.1": {
                    "type": "aws_subnet",
                    "depends_on": [
                        "aws_vpc.main"
                    ],
                    "primary": {
                        "id": "subnet-96d913e0",
                        "attributes": {
                            "assign_ipv6_address_on_creation": "false",
                            "availability_zone": "us-west-2b",
                            "cidr_block": "10.123.110.0/25",
                            "id": "subnet-96d913e0",
                            "map_public_ip_on_launch": "false",
                            "tags.%": "5",
                            "tags.Name": "prod-private-subnet",
                            "tags.account_name": "jive-data-prod",
                            "tags.pipeline_phase": "prod",
                            "tags.region": "us-west-2",
                            "tags.sla": "prod",
                            "vpc_id": "vpc-cc77c2a8"
                        },
                        "meta": {},
                        "tainted": false
                    },
                    "deposed": [],
                    "provider": ""
                },
                "aws_subnet.private.2": {
                    "type": "aws_subnet",
                    "depends_on": [
                        "aws_vpc.main"
                    ],
                    "primary": {
                        "id": "subnet-97cad0ce",
                        "attributes": {
                            "assign_ipv6_address_on_creation": "false",
                            "availability_zone": "us-west-2c",
                            "cidr_block": "10.123.110.128/25",
                            "id": "subnet-97cad0ce",
                            "map_public_ip_on_launch": "false",
                            "tags.%": "5",
                            "tags.Name": "prod-private-subnet",
                            "tags.account_name": "jive-data-prod",
                            "tags.pipeline_phase": "prod",
                            "tags.region": "us-west-2",
                            "tags.sla": "prod",
                            "vpc_id": "vpc-cc77c2a8"
                        },
                        "meta": {},
                        "tainted": false
                    },
                    "deposed": [],
                    "provider": ""
                },
                "aws_subnet.public.0": {
                    "type": "aws_subnet",
                    "depends_on": [
                        "aws_vpc.main"
                    ],
                    "primary": {
                        "id": "subnet-e759e883",
                        "attributes": {
                            "assign_ipv6_address_on_creation": "false",
                            "availability_zone": "us-west-2a",
                            "cidr_block": "10.123.108.0/25",
                            "id": "subnet-e759e883",
                            "map_public_ip_on_launch": "false",
                            "tags.%": "6",
                            "tags.KubernetesCluster": "us-west-2_jive-data-prod",
                            "tags.Name": "prod-public-subnet",
                            "tags.account_name": "jive-data-prod",
                            "tags.pipeline_phase": "prod",
                            "tags.region": "us-west-2",
                            "tags.sla": "prod",
                            "vpc_id": "vpc-cc77c2a8"
                        },
                        "meta": {},
                        "tainted": false
                    },
                    "deposed": [],
                    "provider": ""
                },
                "aws_subnet.public.1": {
                    "type": "aws_subnet",
                    "depends_on": [
                        "aws_vpc.main"
                    ],
                    "primary": {
                        "id": "subnet-9dd913eb",
                        "attributes": {
                            "assign_ipv6_address_on_creation": "false",
                            "availability_zone": "us-west-2b",
                            "cidr_block": "10.123.108.128/25",
                            "id": "subnet-9dd913eb",
                            "map_public_ip_on_launch": "false",
                            "tags.%": "6",
                            "tags.KubernetesCluster": "us-west-2_jive-data-prod",
                            "tags.Name": "prod-public-subnet",
                            "tags.account_name": "jive-data-prod",
                            "tags.pipeline_phase": "prod",
                            "tags.region": "us-west-2",
                            "tags.sla": "prod",
                            "vpc_id": "vpc-cc77c2a8"
                        },
                        "meta": {},
                        "tainted": false
                    },
                    "deposed": [],
                    "provider": ""
                },
                "aws_subnet.public.2": {
                    "type": "aws_subnet",
                    "depends_on": [
                        "aws_vpc.main"
                    ],
                    "primary": {
                        "id": "subnet-95cad0cc",
                        "attributes": {
                            "assign_ipv6_address_on_creation": "false",
                            "availability_zone": "us-west-2c",
                            "cidr_block": "10.123.109.0/25",
                            "id": "subnet-95cad0cc",
                            "map_public_ip_on_launch": "false",
                            "tags.%": "6",
                            "tags.KubernetesCluster": "us-west-2_jive-data-prod",
                            "tags.Name": "prod-public-subnet",
                            "tags.account_name": "jive-data-prod",
                            "tags.pipeline_phase": "prod",
                            "tags.region": "us-west-2",
                            "tags.sla": "prod",
                            "vpc_id": "vpc-cc77c2a8"
                        },
                        "meta": {},
                        "tainted": false
                    },
                    "deposed": [],
                    "provider": ""
                },
                "aws_vpc.main": {
                    "type": "aws_vpc",
                    "depends_on": [],
                    "primary": {
                        "id": "vpc-cc77c2a8",
                        "attributes": {
                            "assign_generated_ipv6_cidr_block": "false",
                            "cidr_block": "10.123.96.0/20",
                            "default_network_acl_id": "acl-54a52330",
                            "default_route_table_id": "rtb-f88a169c",
                            "default_security_group_id": "sg-b05742d7",
                            "dhcp_options_id": "dopt-b81a66dd",
                            "enable_classiclink": "false",
                            "enable_dns_hostnames": "true",
                            "enable_dns_support": "true",
                            "id": "vpc-cc77c2a8",
                            "instance_tenancy": "default",
                            "main_route_table_id": "rtb-f88a169c",
                            "tags.%": "5",
                            "tags.Name": "prod-vpc",
                            "tags.account_name": "jive-data-prod",
                            "tags.pipeline_phase": "prod",
                            "tags.region": "us-west-2",
                            "tags.sla": "prod"
                        },
                        "meta": {
                            "schema_version": "1"
                        },
                        "tainted": false
                    },
                    "deposed": [],
                    "provider": ""
                },
                "aws_vpc_peering_connection.infra": {
                    "type": "aws_vpc_peering_connection",
                    "depends_on": [
                        "aws_vpc.main"
                    ],
                    "primary": {
                        "id": "pcx-d09933b9",
                        "attributes": {
                            "accept_status": "active",
                            "accepter.#": "1",
                            "accepter.3244290774.allow_classic_link_to_remote_vpc": "false",
                            "accepter.3244290774.allow_remote_vpc_dns_resolution": "false",
                            "accepter.3244290774.allow_vpc_to_remote_classic_link": "false",
                            "auto_accept": "true",
                            "id": "pcx-d09933b9",
                            "peer_owner_id": "467524913882",
                            "peer_vpc_id": "vpc-958b2bf1",
                            "requester.#": "1",
                            "requester.3244290774.allow_classic_link_to_remote_vpc": "false",
                            "requester.3244290774.allow_remote_vpc_dns_resolution": "false",
                            "requester.3244290774.allow_vpc_to_remote_classic_link": "false",
                            "tags.%": "5",
                            "tags.Name": "prod_to_infra-jive-data-prod",
                            "tags.account_name": "jive-data-prod",
                            "tags.pipeline_phase": "prod",
                            "tags.region": "us-west-2",
                            "tags.sla": "prod",
                            "vpc_id": "vpc-cc77c2a8"
                        },
                        "meta": {},
                        "tainted": false
                    },
                    "deposed": [],
                    "provider": ""
                },
                "aws_vpn_gateway.vgw": {
                    "type": "aws_vpn_gateway",
                    "depends_on": [
                        "aws_vpc.main"
                    ],
                    "primary": {
                        "id": "vgw-31a27b2f",
                        "attributes": {
                            "availability_zone": "",
                            "id": "vgw-31a27b2f",
                            "tags.%": "7",
                            "tags.Name": "prod-vgw",
                            "tags.account_name": "jive-data-prod",
                            "tags.jive_service": "infrastructure",
                            "tags.pipeline_phase": "prod",
                            "tags.region": "us-west-2",
                            "tags.service_component": "vpn_gateway",
                            "tags.sla": "prod",
                            "vpc_id": "vpc-cc77c2a8"
                        },
                        "meta": {},
                        "tainted": false
                    },
                    "deposed": [],
                    "provider": ""
                },
                "data.aws_security_group.bastion": {
                    "type": "aws_security_group",
                    "depends_on": [],
                    "primary": {
                        "id": "sg-8bc3f3ec",
                        "attributes": {
                            "filter.#": "1",
                            "filter.1988431066.name": "tag:jive_service",
                            "filter.1988431066.values.#": "1",
                            "filter.1988431066.values.2480389212": "infrastructure",
                            "id": "sg-8bc3f3ec",
                            "name": "infra-prod-jive-phx-dc",
                            "tags.%": "6",
                            "tags.Name": "infra-prod-jive-phx-dc",
                            "tags.account_name": "jive-data-prod",
                            "tags.jive_service": "infrastructure",
                            "tags.pipeline_phase": "infra-prod",
                            "tags.region": "us-west-2",
                            "tags.sla": "prod",
                            "vpc_id": "vpc-958b2bf1"
                        },
                        "meta": {},
                        "tainted": false
                    },
                    "deposed": [],
                    "provider": ""
                }
            },
            "depends_on": []
        }
    ]
}
