{
    "version": 3,
    "terraform_version": "0.9.4",
    "serial": 0,
    "lineage": "8a53b369-e6b9-47f5-a9a1-f64343eb7f9d",
    "modules": [
        {
            "path": [
                "root"
            ],
            "outputs": {},
            "resources": {
                "aws_ebs_volume.upena_data_i1_v0": {
                    "type": "aws_ebs_volume",
                    "depends_on": [],
                    "primary": {
                        "id": "vol-07f7dfb526f2c0366",
                        "attributes": {
                            "availability_zone": "us-east-1a",
                            "encrypted": "true",
                            "id": "vol-07f7dfb526f2c0366",
                            "size": "500",
                            "snapshot_id": "",
                            "tags.%": "7",
                            "tags.Account_name": "jive-reco-prod",
                            "tags.Jive_service": "upena",
                            "tags.Name": "us-east-1-jive-reco-prod-newpena-data-i1-v0",
                            "tags.Pipeline_phase": "prod",
                            "tags.Region": "us-east-1",
                            "tags.SLA": "prod",
                            "tags.Service_component": "upena-data",
                            "type": "st1"
                        },
                        "meta": {},
                        "tainted": false
                    },
                    "deposed": [],
                    "provider": ""
                },
                "aws_ebs_volume.upena_data_i1_v1": {
                    "type": "aws_ebs_volume",
                    "depends_on": [],
                    "primary": {
                        "id": "vol-032bfeac6b76e7e53",
                        "attributes": {
                            "availability_zone": "us-east-1a",
                            "encrypted": "true",
                            "id": "vol-032bfeac6b76e7e53",
                            "size": "2000",
                            "snapshot_id": "",
                            "tags.%": "7",
                            "tags.Account_name": "jive-reco-prod",
                            "tags.Jive_service": "upena",
                            "tags.Name": "us-east-1-jive-reco-prod-newpena-data-i1-v1",
                            "tags.Pipeline_phase": "prod",
                            "tags.Region": "us-east-1",
                            "tags.SLA": "prod",
                            "tags.Service_component": "upena-data",
                            "type": "st1"
                        },
                        "meta": {},
                        "tainted": false
                    },
                    "deposed": [],
                    "provider": ""
                },
                "aws_ebs_volume.upena_data_i1_v2": {
                    "type": "aws_ebs_volume",
                    "depends_on": [],
                    "primary": {
                        "id": "vol-09109f98d57401ef3",
                        "attributes": {
                            "availability_zone": "us-east-1a",
                            "encrypted": "true",
                            "id": "vol-09109f98d57401ef3",
                            "size": "2000",
                            "snapshot_id": "",
                            "tags.%": "7",
                            "tags.Account_name": "jive-reco-prod",
                            "tags.Jive_service": "upena",
                            "tags.Name": "us-east-1-jive-reco-prod-newpena-data-i1-v2",
                            "tags.Pipeline_phase": "prod",
                            "tags.Region": "us-east-1",
                            "tags.SLA": "prod",
                            "tags.Service_component": "upena-data",
                            "type": "st1"
                        },
                        "meta": {},
                        "tainted": false
                    },
                    "deposed": [],
                    "provider": ""
                },
                "aws_ebs_volume.upena_data_i1_v3": {
                    "type": "aws_ebs_volume",
                    "depends_on": [],
                    "primary": {
                        "id": "vol-0922aef08b39b83f2",
                        "attributes": {
                            "availability_zone": "us-east-1a",
                            "encrypted": "true",
                            "id": "vol-0922aef08b39b83f2",
                            "size": "2000",
                            "snapshot_id": "",
                            "tags.%": "7",
                            "tags.Account_name": "jive-reco-prod",
                            "tags.Jive_service": "upena",
                            "tags.Name": "us-east-1-jive-reco-prod-newpena-data-i1-v3",
                            "tags.Pipeline_phase": "prod",
                            "tags.Region": "us-east-1",
                            "tags.SLA": "prod",
                            "tags.Service_component": "upena-data",
                            "type": "st1"
                        },
                        "meta": {},
                        "tainted": false
                    },
                    "deposed": [],
                    "provider": ""
                },
                "aws_ebs_volume.upena_data_i2_v0": {
                    "type": "aws_ebs_volume",
                    "depends_on": [],
                    "primary": {
                        "id": "vol-0fcc1d8eb47ccb881",
                        "attributes": {
                            "availability_zone": "us-east-1b",
                            "encrypted": "true",
                            "id": "vol-0fcc1d8eb47ccb881",
                            "size": "500",
                            "snapshot_id": "",
                            "tags.%": "7",
                            "tags.Account_name": "jive-reco-prod",
                            "tags.Jive_service": "upena",
                            "tags.Name": "us-east-1-jive-reco-prod-newpena-data-i2-v0",
                            "tags.Pipeline_phase": "prod",
                            "tags.Region": "us-east-1",
                            "tags.SLA": "prod",
                            "tags.Service_component": "upena-data",
                            "type": "st1"
                        },
                        "meta": {},
                        "tainted": false
                    },
                    "deposed": [],
                    "provider": ""
                },
                "aws_ebs_volume.upena_data_i2_v1": {
                    "type": "aws_ebs_volume",
                    "depends_on": [],
                    "primary": {
                        "id": "vol-0a6840c9543f62db6",
                        "attributes": {
                            "availability_zone": "us-east-1b",
                            "encrypted": "true",
                            "id": "vol-0a6840c9543f62db6",
                            "size": "2000",
                            "snapshot_id": "",
                            "tags.%": "7",
                            "tags.Account_name": "jive-reco-prod",
                            "tags.Jive_service": "upena",
                            "tags.Name": "us-east-1-jive-reco-prod-newpena-data-i2-v1",
                            "tags.Pipeline_phase": "prod",
                            "tags.Region": "us-east-1",
                            "tags.SLA": "prod",
                            "tags.Service_component": "upena-data",
                            "type": "st1"
                        },
                        "meta": {},
                        "tainted": false
                    },
                    "deposed": [],
                    "provider": ""
                },
                "aws_ebs_volume.upena_data_i2_v2": {
                    "type": "aws_ebs_volume",
                    "depends_on": [],
                    "primary": {
                        "id": "vol-08312c1cf90ae163b",
                        "attributes": {
                            "availability_zone": "us-east-1b",
                            "encrypted": "true",
                            "id": "vol-08312c1cf90ae163b",
                            "size": "2000",
                            "snapshot_id": "",
                            "tags.%": "7",
                            "tags.Account_name": "jive-reco-prod",
                            "tags.Jive_service": "upena",
                            "tags.Name": "us-east-1-jive-reco-prod-newpena-data-i2-v2",
                            "tags.Pipeline_phase": "prod",
                            "tags.Region": "us-east-1",
                            "tags.SLA": "prod",
                            "tags.Service_component": "upena-data",
                            "type": "st1"
                        },
                        "meta": {},
                        "tainted": false
                    },
                    "deposed": [],
                    "provider": ""
                },
                "aws_ebs_volume.upena_data_i2_v3": {
                    "type": "aws_ebs_volume",
                    "depends_on": [],
                    "primary": {
                        "id": "vol-0efde4ab8426b5057",
                        "attributes": {
                            "availability_zone": "us-east-1b",
                            "encrypted": "true",
                            "id": "vol-0efde4ab8426b5057",
                            "size": "2000",
                            "snapshot_id": "",
                            "tags.%": "7",
                            "tags.Account_name": "jive-reco-prod",
                            "tags.Jive_service": "upena",
                            "tags.Name": "us-east-1-jive-reco-prod-newpena-data-i2-v3",
                            "tags.Pipeline_phase": "prod",
                            "tags.Region": "us-east-1",
                            "tags.SLA": "prod",
                            "tags.Service_component": "upena-data",
                            "type": "st1"
                        },
                        "meta": {},
                        "tainted": false
                    },
                    "deposed": [],
                    "provider": ""
                },
                "aws_ebs_volume.upena_data_i3_v0": {
                    "type": "aws_ebs_volume",
                    "depends_on": [],
                    "primary": {
                        "id": "vol-0665e9363e5e42cec",
                        "attributes": {
                            "availability_zone": "us-east-1c",
                            "encrypted": "true",
                            "id": "vol-0665e9363e5e42cec",
                            "size": "500",
                            "snapshot_id": "",
                            "tags.%": "7",
                            "tags.Account_name": "jive-reco-prod",
                            "tags.Jive_service": "upena",
                            "tags.Name": "us-east-1-jive-reco-prod-newpena-data-i3-v0",
                            "tags.Pipeline_phase": "prod",
                            "tags.Region": "us-east-1",
                            "tags.SLA": "prod",
                            "tags.Service_component": "upena-data",
                            "type": "st1"
                        },
                        "meta": {},
                        "tainted": false
                    },
                    "deposed": [],
                    "provider": ""
                },
                "aws_ebs_volume.upena_data_i3_v1": {
                    "type": "aws_ebs_volume",
                    "depends_on": [],
                    "primary": {
                        "id": "vol-0c7ca1f18fae7aa3b",
                        "attributes": {
                            "availability_zone": "us-east-1c",
                            "encrypted": "true",
                            "id": "vol-0c7ca1f18fae7aa3b",
                            "size": "2000",
                            "snapshot_id": "",
                            "tags.%": "7",
                            "tags.Account_name": "jive-reco-prod",
                            "tags.Jive_service": "upena",
                            "tags.Name": "us-east-1-jive-reco-prod-newpena-data-i3-v1",
                            "tags.Pipeline_phase": "prod",
                            "tags.Region": "us-east-1",
                            "tags.SLA": "prod",
                            "tags.Service_component": "upena-data",
                            "type": "st1"
                        },
                        "meta": {},
                        "tainted": false
                    },
                    "deposed": [],
                    "provider": ""
                },
                "aws_ebs_volume.upena_data_i3_v2": {
                    "type": "aws_ebs_volume",
                    "depends_on": [],
                    "primary": {
                        "id": "vol-09aeb761afecb0261",
                        "attributes": {
                            "availability_zone": "us-east-1c",
                            "encrypted": "true",
                            "id": "vol-09aeb761afecb0261",
                            "size": "2000",
                            "snapshot_id": "",
                            "tags.%": "7",
                            "tags.Account_name": "jive-reco-prod",
                            "tags.Jive_service": "upena",
                            "tags.Name": "us-east-1-jive-reco-prod-newpena-data-i3-v2",
                            "tags.Pipeline_phase": "prod",
                            "tags.Region": "us-east-1",
                            "tags.SLA": "prod",
                            "tags.Service_component": "upena-data",
                            "type": "st1"
                        },
                        "meta": {},
                        "tainted": false
                    },
                    "deposed": [],
                    "provider": ""
                },
                "aws_ebs_volume.upena_data_i3_v3": {
                    "type": "aws_ebs_volume",
                    "depends_on": [],
                    "primary": {
                        "id": "vol-0f0f279536bc438f8",
                        "attributes": {
                            "availability_zone": "us-east-1c",
                            "encrypted": "true",
                            "id": "vol-0f0f279536bc438f8",
                            "size": "2000",
                            "snapshot_id": "",
                            "tags.%": "7",
                            "tags.Account_name": "jive-reco-prod",
                            "tags.Jive_service": "upena",
                            "tags.Name": "us-east-1-jive-reco-prod-newpena-data-i3-v3",
                            "tags.Pipeline_phase": "prod",
                            "tags.Region": "us-east-1",
                            "tags.SLA": "prod",
                            "tags.Service_component": "upena-data",
                            "type": "st1"
                        },
                        "meta": {},
                        "tainted": false
                    },
                    "deposed": [],
                    "provider": ""
                },
                "aws_ebs_volume.upena_data_i4_v0": {
                    "type": "aws_ebs_volume",
                    "depends_on": [],
                    "primary": {
                        "id": "vol-0e420e8e5b1244896",
                        "attributes": {
                            "availability_zone": "us-east-1a",
                            "encrypted": "true",
                            "id": "vol-0e420e8e5b1244896",
                            "size": "500",
                            "snapshot_id": "",
                            "tags.%": "7",
                            "tags.Account_name": "jive-reco-prod",
                            "tags.Jive_service": "upena",
                            "tags.Name": "us-east-1-jive-reco-prod-newpena-data-i4-v0",
                            "tags.Pipeline_phase": "prod",
                            "tags.Region": "us-east-1",
                            "tags.SLA": "prod",
                            "tags.Service_component": "upena-data",
                            "type": "st1"
                        },
                        "meta": {},
                        "tainted": false
                    },
                    "deposed": [],
                    "provider": ""
                },
                "aws_ebs_volume.upena_data_i4_v1": {
                    "type": "aws_ebs_volume",
                    "depends_on": [],
                    "primary": {
                        "id": "vol-0fb494ddb3e792b85",
                        "attributes": {
                            "availability_zone": "us-east-1a",
                            "encrypted": "true",
                            "id": "vol-0fb494ddb3e792b85",
                            "size": "2000",
                            "snapshot_id": "",
                            "tags.%": "7",
                            "tags.Account_name": "jive-reco-prod",
                            "tags.Jive_service": "upena",
                            "tags.Name": "us-east-1-jive-reco-prod-newpena-data-i4-v1",
                            "tags.Pipeline_phase": "prod",
                            "tags.Region": "us-east-1",
                            "tags.SLA": "prod",
                            "tags.Service_component": "upena-data",
                            "type": "st1"
                        },
                        "meta": {},
                        "tainted": false
                    },
                    "deposed": [],
                    "provider": ""
                },
                "aws_ebs_volume.upena_data_i4_v2": {
                    "type": "aws_ebs_volume",
                    "depends_on": [],
                    "primary": {
                        "id": "vol-05a0e5e73bc8cd039",
                        "attributes": {
                            "availability_zone": "us-east-1a",
                            "encrypted": "true",
                            "id": "vol-05a0e5e73bc8cd039",
                            "size": "2000",
                            "snapshot_id": "",
                            "tags.%": "7",
                            "tags.Account_name": "jive-reco-prod",
                            "tags.Jive_service": "upena",
                            "tags.Name": "us-east-1-jive-reco-prod-newpena-data-i4-v2",
                            "tags.Pipeline_phase": "prod",
                            "tags.Region": "us-east-1",
                            "tags.SLA": "prod",
                            "tags.Service_component": "upena-data",
                            "type": "st1"
                        },
                        "meta": {},
                        "tainted": false
                    },
                    "deposed": [],
                    "provider": ""
                },
                "aws_ebs_volume.upena_data_i4_v3": {
                    "type": "aws_ebs_volume",
                    "depends_on": [],
                    "primary": {
                        "id": "vol-02b6ac080f9da62b7",
                        "attributes": {
                            "availability_zone": "us-east-1a",
                            "encrypted": "true",
                            "id": "vol-02b6ac080f9da62b7",
                            "size": "2000",
                            "snapshot_id": "",
                            "tags.%": "7",
                            "tags.Account_name": "jive-reco-prod",
                            "tags.Jive_service": "upena",
                            "tags.Name": "us-east-1-jive-reco-prod-newpena-data-i4-v3",
                            "tags.Pipeline_phase": "prod",
                            "tags.Region": "us-east-1",
                            "tags.SLA": "prod",
                            "tags.Service_component": "upena-data",
                            "type": "st1"
                        },
                        "meta": {},
                        "tainted": false
                    },
                    "deposed": [],
                    "provider": ""
                },
                "aws_ebs_volume.upena_data_i5_v0": {
                    "type": "aws_ebs_volume",
                    "depends_on": [],
                    "primary": {
                        "id": "vol-0be7938047829a7b5",
                        "attributes": {
                            "availability_zone": "us-east-1b",
                            "encrypted": "true",
                            "id": "vol-0be7938047829a7b5",
                            "size": "500",
                            "snapshot_id": "",
                            "tags.%": "7",
                            "tags.Account_name": "jive-reco-prod",
                            "tags.Jive_service": "upena",
                            "tags.Name": "us-east-1-jive-reco-prod-newpena-data-i5-v0",
                            "tags.Pipeline_phase": "prod",
                            "tags.Region": "us-east-1",
                            "tags.SLA": "prod",
                            "tags.Service_component": "upena-data",
                            "type": "st1"
                        },
                        "meta": {},
                        "tainted": false
                    },
                    "deposed": [],
                    "provider": ""
                },
                "aws_ebs_volume.upena_data_i5_v1": {
                    "type": "aws_ebs_volume",
                    "depends_on": [],
                    "primary": {
                        "id": "vol-0b5372eb188ae4673",
                        "attributes": {
                            "availability_zone": "us-east-1b",
                            "encrypted": "true",
                            "id": "vol-0b5372eb188ae4673",
                            "size": "2000",
                            "snapshot_id": "",
                            "tags.%": "7",
                            "tags.Account_name": "jive-reco-prod",
                            "tags.Jive_service": "upena",
                            "tags.Name": "us-east-1-jive-reco-prod-newpena-data-i5-v1",
                            "tags.Pipeline_phase": "prod",
                            "tags.Region": "us-east-1",
                            "tags.SLA": "prod",
                            "tags.Service_component": "upena-data",
                            "type": "st1"
                        },
                        "meta": {},
                        "tainted": false
                    },
                    "deposed": [],
                    "provider": ""
                },
                "aws_ebs_volume.upena_data_i5_v2": {
                    "type": "aws_ebs_volume",
                    "depends_on": [],
                    "primary": {
                        "id": "vol-0e0c7fef813fb988b",
                        "attributes": {
                            "availability_zone": "us-east-1b",
                            "encrypted": "true",
                            "id": "vol-0e0c7fef813fb988b",
                            "size": "2000",
                            "snapshot_id": "",
                            "tags.%": "7",
                            "tags.Account_name": "jive-reco-prod",
                            "tags.Jive_service": "upena",
                            "tags.Name": "us-east-1-jive-reco-prod-newpena-data-i5-v2",
                            "tags.Pipeline_phase": "prod",
                            "tags.Region": "us-east-1",
                            "tags.SLA": "prod",
                            "tags.Service_component": "upena-data",
                            "type": "st1"
                        },
                        "meta": {},
                        "tainted": false
                    },
                    "deposed": [],
                    "provider": ""
                },
                "aws_ebs_volume.upena_data_i5_v3": {
                    "type": "aws_ebs_volume",
                    "depends_on": [],
                    "primary": {
                        "id": "vol-0a41b9629ab88037f",
                        "attributes": {
                            "availability_zone": "us-east-1b",
                            "encrypted": "true",
                            "id": "vol-0a41b9629ab88037f",
                            "size": "2000",
                            "snapshot_id": "",
                            "tags.%": "7",
                            "tags.Account_name": "jive-reco-prod",
                            "tags.Jive_service": "upena",
                            "tags.Name": "us-east-1-jive-reco-prod-newpena-data-i5-v3",
                            "tags.Pipeline_phase": "prod",
                            "tags.Region": "us-east-1",
                            "tags.SLA": "prod",
                            "tags.Service_component": "upena-data",
                            "type": "st1"
                        },
                        "meta": {},
                        "tainted": false
                    },
                    "deposed": [],
                    "provider": ""
                },
                "aws_ebs_volume.upena_data_i6_v0": {
                    "type": "aws_ebs_volume",
                    "depends_on": [],
                    "primary": {
                        "id": "vol-04a8a68a7decc58af",
                        "attributes": {
                            "availability_zone": "us-east-1c",
                            "encrypted": "true",
                            "id": "vol-04a8a68a7decc58af",
                            "size": "500",
                            "snapshot_id": "",
                            "tags.%": "7",
                            "tags.Account_name": "jive-reco-prod",
                            "tags.Jive_service": "upena",
                            "tags.Name": "us-east-1-jive-reco-prod-newpena-data-i6-v0",
                            "tags.Pipeline_phase": "prod",
                            "tags.Region": "us-east-1",
                            "tags.SLA": "prod",
                            "tags.Service_component": "upena-data",
                            "type": "st1"
                        },
                        "meta": {},
                        "tainted": false
                    },
                    "deposed": [],
                    "provider": ""
                },
                "aws_ebs_volume.upena_data_i6_v1": {
                    "type": "aws_ebs_volume",
                    "depends_on": [],
                    "primary": {
                        "id": "vol-098b84b640f57852b",
                        "attributes": {
                            "availability_zone": "us-east-1c",
                            "encrypted": "true",
                            "id": "vol-098b84b640f57852b",
                            "size": "2000",
                            "snapshot_id": "",
                            "tags.%": "7",
                            "tags.Account_name": "jive-reco-prod",
                            "tags.Jive_service": "upena",
                            "tags.Name": "us-east-1-jive-reco-prod-newpena-data-i6-v1",
                            "tags.Pipeline_phase": "prod",
                            "tags.Region": "us-east-1",
                            "tags.SLA": "prod",
                            "tags.Service_component": "upena-data",
                            "type": "st1"
                        },
                        "meta": {},
                        "tainted": false
                    },
                    "deposed": [],
                    "provider": ""
                },
                "aws_ebs_volume.upena_data_i6_v2": {
                    "type": "aws_ebs_volume",
                    "depends_on": [],
                    "primary": {
                        "id": "vol-0ce01be575e128418",
                        "attributes": {
                            "availability_zone": "us-east-1c",
                            "encrypted": "true",
                            "id": "vol-0ce01be575e128418",
                            "size": "2000",
                            "snapshot_id": "",
                            "tags.%": "7",
                            "tags.Account_name": "jive-reco-prod",
                            "tags.Jive_service": "upena",
                            "tags.Name": "us-east-1-jive-reco-prod-newpena-data-i6-v2",
                            "tags.Pipeline_phase": "prod",
                            "tags.Region": "us-east-1",
                            "tags.SLA": "prod",
                            "tags.Service_component": "upena-data",
                            "type": "st1"
                        },
                        "meta": {},
                        "tainted": false
                    },
                    "deposed": [],
                    "provider": ""
                },
                "aws_ebs_volume.upena_data_i6_v3": {
                    "type": "aws_ebs_volume",
                    "depends_on": [],
                    "primary": {
                        "id": "vol-008c0eb2546ce999c",
                        "attributes": {
                            "availability_zone": "us-east-1c",
                            "encrypted": "true",
                            "id": "vol-008c0eb2546ce999c",
                            "size": "2000",
                            "snapshot_id": "",
                            "tags.%": "7",
                            "tags.Account_name": "jive-reco-prod",
                            "tags.Jive_service": "upena",
                            "tags.Name": "us-east-1-jive-reco-prod-newpena-data-i6-v3",
                            "tags.Pipeline_phase": "prod",
                            "tags.Region": "us-east-1",
                            "tags.SLA": "prod",
                            "tags.Service_component": "upena-data",
                            "type": "st1"
                        },
                        "meta": {},
                        "tainted": false
                    },
                    "deposed": [],
                    "provider": ""
                },
                "aws_ebs_volume.upena_data_i7_v0": {
                    "type": "aws_ebs_volume",
                    "depends_on": [],
                    "primary": {
                        "id": "vol-0a95d9abbc65bf633",
                        "attributes": {
                            "availability_zone": "us-east-1a",
                            "encrypted": "true",
                            "id": "vol-0a95d9abbc65bf633",
                            "size": "500",
                            "snapshot_id": "",
                            "tags.%": "7",
                            "tags.Account_name": "jive-reco-prod",
                            "tags.Jive_service": "upena",
                            "tags.Name": "us-east-1-jive-reco-prod-newpena-data-i7-v0",
                            "tags.Pipeline_phase": "prod",
                            "tags.Region": "us-east-1",
                            "tags.SLA": "prod",
                            "tags.Service_component": "upena-data",
                            "type": "st1"
                        },
                        "meta": {},
                        "tainted": false
                    },
                    "deposed": [],
                    "provider": ""
                },
                "aws_ebs_volume.upena_data_i7_v1": {
                    "type": "aws_ebs_volume",
                    "depends_on": [],
                    "primary": {
                        "id": "vol-058dc0ab75ec41f3c",
                        "attributes": {
                            "availability_zone": "us-east-1a",
                            "encrypted": "true",
                            "id": "vol-058dc0ab75ec41f3c",
                            "size": "2000",
                            "snapshot_id": "",
                            "tags.%": "7",
                            "tags.Account_name": "jive-reco-prod",
                            "tags.Jive_service": "upena",
                            "tags.Name": "us-east-1-jive-reco-prod-newpena-data-i7-v1",
                            "tags.Pipeline_phase": "prod",
                            "tags.Region": "us-east-1",
                            "tags.SLA": "prod",
                            "tags.Service_component": "upena-data",
                            "type": "st1"
                        },
                        "meta": {},
                        "tainted": false
                    },
                    "deposed": [],
                    "provider": ""
                },
                "aws_ebs_volume.upena_data_i7_v2": {
                    "type": "aws_ebs_volume",
                    "depends_on": [],
                    "primary": {
                        "id": "vol-04d8a86553d20f686",
                        "attributes": {
                            "availability_zone": "us-east-1a",
                            "encrypted": "true",
                            "id": "vol-04d8a86553d20f686",
                            "size": "2000",
                            "snapshot_id": "",
                            "tags.%": "7",
                            "tags.Account_name": "jive-reco-prod",
                            "tags.Jive_service": "upena",
                            "tags.Name": "us-east-1-jive-reco-prod-newpena-data-i7-v2",
                            "tags.Pipeline_phase": "prod",
                            "tags.Region": "us-east-1",
                            "tags.SLA": "prod",
                            "tags.Service_component": "upena-data",
                            "type": "st1"
                        },
                        "meta": {},
                        "tainted": false
                    },
                    "deposed": [],
                    "provider": ""
                },
                "aws_ebs_volume.upena_data_i7_v3": {
                    "type": "aws_ebs_volume",
                    "depends_on": [],
                    "primary": {
                        "id": "vol-0e5065994df0db1c9",
                        "attributes": {
                            "availability_zone": "us-east-1a",
                            "encrypted": "true",
                            "id": "vol-0e5065994df0db1c9",
                            "size": "2000",
                            "snapshot_id": "",
                            "tags.%": "7",
                            "tags.Account_name": "jive-reco-prod",
                            "tags.Jive_service": "upena",
                            "tags.Name": "us-east-1-jive-reco-prod-newpena-data-i7-v3",
                            "tags.Pipeline_phase": "prod",
                            "tags.Region": "us-east-1",
                            "tags.SLA": "prod",
                            "tags.Service_component": "upena-data",
                            "type": "st1"
                        },
                        "meta": {},
                        "tainted": false
                    },
                    "deposed": [],
                    "provider": ""
                },
                "aws_ebs_volume.upena_data_i8_v0": {
                    "type": "aws_ebs_volume",
                    "depends_on": [],
                    "primary": {
                        "id": "vol-0836b907f6bffd079",
                        "attributes": {
                            "availability_zone": "us-east-1b",
                            "encrypted": "true",
                            "id": "vol-0836b907f6bffd079",
                            "size": "500",
                            "snapshot_id": "",
                            "tags.%": "7",
                            "tags.Account_name": "jive-reco-prod",
                            "tags.Jive_service": "upena",
                            "tags.Name": "us-east-1-jive-reco-prod-newpena-data-i8-v0",
                            "tags.Pipeline_phase": "prod",
                            "tags.Region": "us-east-1",
                            "tags.SLA": "prod",
                            "tags.Service_component": "upena-data",
                            "type": "st1"
                        },
                        "meta": {},
                        "tainted": false
                    },
                    "deposed": [],
                    "provider": ""
                },
                "aws_ebs_volume.upena_data_i8_v1": {
                    "type": "aws_ebs_volume",
                    "depends_on": [],
                    "primary": {
                        "id": "vol-026655dc5ff4509c1",
                        "attributes": {
                            "availability_zone": "us-east-1b",
                            "encrypted": "true",
                            "id": "vol-026655dc5ff4509c1",
                            "size": "2000",
                            "snapshot_id": "",
                            "tags.%": "7",
                            "tags.Account_name": "jive-reco-prod",
                            "tags.Jive_service": "upena",
                            "tags.Name": "us-east-1-jive-reco-prod-newpena-data-i8-v1",
                            "tags.Pipeline_phase": "prod",
                            "tags.Region": "us-east-1",
                            "tags.SLA": "prod",
                            "tags.Service_component": "upena-data",
                            "type": "st1"
                        },
                        "meta": {},
                        "tainted": false
                    },
                    "deposed": [],
                    "provider": ""
                },
                "aws_ebs_volume.upena_data_i8_v2": {
                    "type": "aws_ebs_volume",
                    "depends_on": [],
                    "primary": {
                        "id": "vol-01178e6b9c6d5660b",
                        "attributes": {
                            "availability_zone": "us-east-1b",
                            "encrypted": "true",
                            "id": "vol-01178e6b9c6d5660b",
                            "size": "2000",
                            "snapshot_id": "",
                            "tags.%": "7",
                            "tags.Account_name": "jive-reco-prod",
                            "tags.Jive_service": "upena",
                            "tags.Name": "us-east-1-jive-reco-prod-newpena-data-i8-v2",
                            "tags.Pipeline_phase": "prod",
                            "tags.Region": "us-east-1",
                            "tags.SLA": "prod",
                            "tags.Service_component": "upena-data",
                            "type": "st1"
                        },
                        "meta": {},
                        "tainted": false
                    },
                    "deposed": [],
                    "provider": ""
                },
                "aws_ebs_volume.upena_data_i8_v3": {
                    "type": "aws_ebs_volume",
                    "depends_on": [],
                    "primary": {
                        "id": "vol-050346a5bee03e3b8",
                        "attributes": {
                            "availability_zone": "us-east-1b",
                            "encrypted": "true",
                            "id": "vol-050346a5bee03e3b8",
                            "size": "2000",
                            "snapshot_id": "",
                            "tags.%": "7",
                            "tags.Account_name": "jive-reco-prod",
                            "tags.Jive_service": "upena",
                            "tags.Name": "us-east-1-jive-reco-prod-newpena-data-i8-v3",
                            "tags.Pipeline_phase": "prod",
                            "tags.Region": "us-east-1",
                            "tags.SLA": "prod",
                            "tags.Service_component": "upena-data",
                            "type": "st1"
                        },
                        "meta": {},
                        "tainted": false
                    },
                    "deposed": [],
                    "provider": ""
                },
                "aws_ebs_volume.upena_data_i9_v0": {
                    "type": "aws_ebs_volume",
                    "depends_on": [],
                    "primary": {
                        "id": "vol-057d3551000408d47",
                        "attributes": {
                            "availability_zone": "us-east-1c",
                            "encrypted": "true",
                            "id": "vol-057d3551000408d47",
                            "size": "500",
                            "snapshot_id": "",
                            "tags.%": "7",
                            "tags.Account_name": "jive-reco-prod",
                            "tags.Jive_service": "upena",
                            "tags.Name": "us-east-1-jive-reco-prod-newpena-data-i9-v0",
                            "tags.Pipeline_phase": "prod",
                            "tags.Region": "us-east-1",
                            "tags.SLA": "prod",
                            "tags.Service_component": "upena-data",
                            "type": "st1"
                        },
                        "meta": {},
                        "tainted": false
                    },
                    "deposed": [],
                    "provider": ""
                },
                "aws_ebs_volume.upena_data_i9_v1": {
                    "type": "aws_ebs_volume",
                    "depends_on": [],
                    "primary": {
                        "id": "vol-08e056ce61221aeb4",
                        "attributes": {
                            "availability_zone": "us-east-1c",
                            "encrypted": "true",
                            "id": "vol-08e056ce61221aeb4",
                            "size": "2000",
                            "snapshot_id": "",
                            "tags.%": "7",
                            "tags.Account_name": "jive-reco-prod",
                            "tags.Jive_service": "upena",
                            "tags.Name": "us-east-1-jive-reco-prod-newpena-data-i9-v1",
                            "tags.Pipeline_phase": "prod",
                            "tags.Region": "us-east-1",
                            "tags.SLA": "prod",
                            "tags.Service_component": "upena-data",
                            "type": "st1"
                        },
                        "meta": {},
                        "tainted": false
                    },
                    "deposed": [],
                    "provider": ""
                },
                "aws_ebs_volume.upena_data_i9_v2": {
                    "type": "aws_ebs_volume",
                    "depends_on": [],
                    "primary": {
                        "id": "vol-0edb7a90a1332f6d8",
                        "attributes": {
                            "availability_zone": "us-east-1c",
                            "encrypted": "true",
                            "id": "vol-0edb7a90a1332f6d8",
                            "size": "2000",
                            "snapshot_id": "",
                            "tags.%": "7",
                            "tags.Account_name": "jive-reco-prod",
                            "tags.Jive_service": "upena",
                            "tags.Name": "us-east-1-jive-reco-prod-newpena-data-i9-v2",
                            "tags.Pipeline_phase": "prod",
                            "tags.Region": "us-east-1",
                            "tags.SLA": "prod",
                            "tags.Service_component": "upena-data",
                            "type": "st1"
                        },
                        "meta": {},
                        "tainted": false
                    },
                    "deposed": [],
                    "provider": ""
                },
                "aws_ebs_volume.upena_data_i9_v3": {
                    "type": "aws_ebs_volume",
                    "depends_on": [],
                    "primary": {
                        "id": "vol-099ee52a6cd2f24d3",
                        "attributes": {
                            "availability_zone": "us-east-1c",
                            "encrypted": "true",
                            "id": "vol-099ee52a6cd2f24d3",
                            "size": "2000",
                            "snapshot_id": "",
                            "tags.%": "7",
                            "tags.Account_name": "jive-reco-prod",
                            "tags.Jive_service": "upena",
                            "tags.Name": "us-east-1-jive-reco-prod-newpena-data-i9-v3",
                            "tags.Pipeline_phase": "prod",
                            "tags.Region": "us-east-1",
                            "tags.SLA": "prod",
                            "tags.Service_component": "upena-data",
                            "type": "st1"
                        },
                        "meta": {},
                        "tainted": false
                    },
                    "deposed": [],
                    "provider": ""
                },
                "aws_instance.upena_data_i1": {
                    "type": "aws_instance",
                    "depends_on": [
                        "aws_security_group.upena_data_sg"
                    ],
                    "primary": {
                        "id": "i-052d614dc39f19326",
                        "attributes": {
                            "ami": "ami-8c1be5f6",
                            "associate_public_ip_address": "false",
                            "availability_zone": "us-east-1a",
                            "disable_api_termination": "false",
                            "ebs_block_device.#": "0",
                            "ebs_optimized": "true",
                            "ephemeral_block_device.#": "0",
                            "iam_instance_profile": "upena-profile",
                            "id": "i-052d614dc39f19326",
                            "instance_state": "running",
                            "instance_type": "r4.xlarge",
                            "ipv6_address_count": "0",
                            "ipv6_addresses.#": "0",
                            "key_name": "reco-prod",
                            "monitoring": "false",
                            "network_interface.#": "0",
                            "network_interface_id": "eni-4d9cf3fc",
                            "primary_network_interface_id": "eni-4d9cf3fc",
                            "private_dns": "ip-10-126-113-74.ec2.internal",
                            "private_ip": "10.126.113.74",
                            "public_dns": "",
                            "public_ip": "",
                            "root_block_device.#": "1",
                            "root_block_device.0.delete_on_termination": "true",
                            "root_block_device.0.iops": "0",
                            "root_block_device.0.volume_size": "8",
                            "root_block_device.0.volume_type": "standard",
                            "security_groups.#": "0",
                            "source_dest_check": "true",
                            "subnet_id": "subnet-bc450af4",
                            "tags.%": "7",
                            "tags.Account_name": "jive-reco-prod",
                            "tags.Jive_service": "upena",
                            "tags.Name": "us-east-1-jive-reco-prod-newpena-data-i1",
                            "tags.Pipeline_phase": "prod",
                            "tags.Region": "us-east-1",
                            "tags.SLA": "prod",
                            "tags.Service_component": "upena-data",
                            "tenancy": "default",
                            "user_data": "45482771671415e57a11ea31bfedae83d3b64e4a",
                            "volume_tags.%": "0",
                            "vpc_security_group_ids.#": "2",
                            "vpc_security_group_ids.2817815932": "sg-8032b3f2",
                            "vpc_security_group_ids.908896562": "sg-4ac4bc3b"
                        },
                        "meta": {
                            "schema_version": "1"
                        },
                        "tainted": false
                    },
                    "deposed": [],
                    "provider": ""
                },
                "aws_instance.upena_data_i2": {
                    "type": "aws_instance",
                    "depends_on": [
                        "aws_security_group.upena_data_sg"
                    ],
                    "primary": {
                        "id": "i-08413b1b40bf0a4fc",
                        "attributes": {
                            "ami": "ami-8c1be5f6",
                            "associate_public_ip_address": "false",
                            "availability_zone": "us-east-1b",
                            "disable_api_termination": "false",
                            "ebs_block_device.#": "0",
                            "ebs_optimized": "true",
                            "ephemeral_block_device.#": "0",
                            "iam_instance_profile": "upena-profile",
                            "id": "i-08413b1b40bf0a4fc",
                            "instance_state": "running",
                            "instance_type": "r4.xlarge",
                            "ipv6_address_count": "0",
                            "ipv6_addresses.#": "0",
                            "key_name": "reco-prod",
                            "monitoring": "false",
                            "network_interface.#": "0",
                            "network_interface_id": "eni-454a82f2",
                            "primary_network_interface_id": "eni-454a82f2",
                            "private_dns": "ip-10-126-114-173.ec2.internal",
                            "private_ip": "10.126.114.173",
                            "public_dns": "",
                            "public_ip": "",
                            "root_block_device.#": "1",
                            "root_block_device.0.delete_on_termination": "true",
                            "root_block_device.0.iops": "0",
                            "root_block_device.0.volume_size": "8",
                            "root_block_device.0.volume_type": "standard",
                            "security_groups.#": "0",
                            "source_dest_check": "true",
                            "subnet_id": "subnet-7d25a927",
                            "tags.%": "7",
                            "tags.Account_name": "jive-reco-prod",
                            "tags.Jive_service": "upena",
                            "tags.Name": "us-east-1-jive-reco-prod-newpena-data-i2",
                            "tags.Pipeline_phase": "prod",
                            "tags.Region": "us-east-1",
                            "tags.SLA": "prod",
                            "tags.Service_component": "upena-data",
                            "tenancy": "default",
                            "user_data": "45482771671415e57a11ea31bfedae83d3b64e4a",
                            "volume_tags.%": "0",
                            "vpc_security_group_ids.#": "2",
                            "vpc_security_group_ids.2817815932": "sg-8032b3f2",
                            "vpc_security_group_ids.908896562": "sg-4ac4bc3b"
                        },
                        "meta": {
                            "schema_version": "1"
                        },
                        "tainted": false
                    },
                    "deposed": [],
                    "provider": ""
                },
                "aws_instance.upena_data_i3": {
                    "type": "aws_instance",
                    "depends_on": [
                        "aws_security_group.upena_data_sg"
                    ],
                    "primary": {
                        "id": "i-0cc578cf45f0c6c1c",
                        "attributes": {
                            "ami": "ami-8c1be5f6",
                            "associate_public_ip_address": "false",
                            "availability_zone": "us-east-1c",
                            "disable_api_termination": "false",
                            "ebs_block_device.#": "0",
                            "ebs_optimized": "true",
                            "ephemeral_block_device.#": "0",
                            "iam_instance_profile": "upena-profile",
                            "id": "i-0cc578cf45f0c6c1c",
                            "instance_state": "running",
                            "instance_type": "r4.xlarge",
                            "ipv6_address_count": "0",
                            "ipv6_addresses.#": "0",
                            "key_name": "reco-prod",
                            "monitoring": "false",
                            "network_interface.#": "0",
                            "network_interface_id": "eni-d36081c5",
                            "primary_network_interface_id": "eni-d36081c5",
                            "private_dns": "ip-10-126-116-25.ec2.internal",
                            "private_ip": "10.126.116.25",
                            "public_dns": "",
                            "public_ip": "",
                            "root_block_device.#": "1",
                            "root_block_device.0.delete_on_termination": "true",
                            "root_block_device.0.iops": "0",
                            "root_block_device.0.volume_size": "8",
                            "root_block_device.0.volume_type": "standard",
                            "security_groups.#": "0",
                            "source_dest_check": "true",
                            "subnet_id": "subnet-ef28cc8b",
                            "tags.%": "7",
                            "tags.Account_name": "jive-reco-prod",
                            "tags.Jive_service": "upena",
                            "tags.Name": "us-east-1-jive-reco-prod-newpena-data-i3",
                            "tags.Pipeline_phase": "prod",
                            "tags.Region": "us-east-1",
                            "tags.SLA": "prod",
                            "tags.Service_component": "upena-data",
                            "tenancy": "default",
                            "user_data": "45482771671415e57a11ea31bfedae83d3b64e4a",
                            "volume_tags.%": "0",
                            "vpc_security_group_ids.#": "2",
                            "vpc_security_group_ids.2817815932": "sg-8032b3f2",
                            "vpc_security_group_ids.908896562": "sg-4ac4bc3b"
                        },
                        "meta": {
                            "schema_version": "1"
                        },
                        "tainted": false
                    },
                    "deposed": [],
                    "provider": ""
                },
                "aws_instance.upena_data_i4": {
                    "type": "aws_instance",
                    "depends_on": [
                        "aws_security_group.upena_data_sg"
                    ],
                    "primary": {
                        "id": "i-093d14ec3a2ecc88e",
                        "attributes": {
                            "ami": "ami-8c1be5f6",
                            "associate_public_ip_address": "false",
                            "availability_zone": "us-east-1a",
                            "disable_api_termination": "false",
                            "ebs_block_device.#": "0",
                            "ebs_optimized": "true",
                            "ephemeral_block_device.#": "0",
                            "iam_instance_profile": "upena-profile",
                            "id": "i-093d14ec3a2ecc88e",
                            "instance_state": "running",
                            "instance_type": "r4.xlarge",
                            "ipv6_address_count": "0",
                            "ipv6_addresses.#": "0",
                            "key_name": "reco-prod",
                            "monitoring": "false",
                            "network_interface.#": "0",
                            "network_interface_id": "eni-f985ea48",
                            "primary_network_interface_id": "eni-f985ea48",
                            "private_dns": "ip-10-126-112-253.ec2.internal",
                            "private_ip": "10.126.112.253",
                            "public_dns": "",
                            "public_ip": "",
                            "root_block_device.#": "1",
                            "root_block_device.0.delete_on_termination": "true",
                            "root_block_device.0.iops": "0",
                            "root_block_device.0.volume_size": "8",
                            "root_block_device.0.volume_type": "standard",
                            "security_groups.#": "0",
                            "source_dest_check": "true",
                            "subnet_id": "subnet-bc450af4",
                            "tags.%": "7",
                            "tags.Account_name": "jive-reco-prod",
                            "tags.Jive_service": "upena",
                            "tags.Name": "us-east-1-jive-reco-prod-newpena-data-i4",
                            "tags.Pipeline_phase": "prod",
                            "tags.Region": "us-east-1",
                            "tags.SLA": "prod",
                            "tags.Service_component": "upena-data",
                            "tenancy": "default",
                            "user_data": "45482771671415e57a11ea31bfedae83d3b64e4a",
                            "volume_tags.%": "0",
                            "vpc_security_group_ids.#": "2",
                            "vpc_security_group_ids.2817815932": "sg-8032b3f2",
                            "vpc_security_group_ids.908896562": "sg-4ac4bc3b"
                        },
                        "meta": {
                            "schema_version": "1"
                        },
                        "tainted": false
                    },
                    "deposed": [],
                    "provider": ""
                },
                "aws_instance.upena_data_i5": {
                    "type": "aws_instance",
                    "depends_on": [
                        "aws_security_group.upena_data_sg"
                    ],
                    "primary": {
                        "id": "i-0011cf0fc54f6fbd6",
                        "attributes": {
                            "ami": "ami-8c1be5f6",
                            "associate_public_ip_address": "false",
                            "availability_zone": "us-east-1b",
                            "disable_api_termination": "false",
                            "ebs_block_device.#": "0",
                            "ebs_optimized": "true",
                            "ephemeral_block_device.#": "0",
                            "iam_instance_profile": "upena-profile",
                            "id": "i-0011cf0fc54f6fbd6",
                            "instance_state": "running",
                            "instance_type": "r4.xlarge",
                            "ipv6_address_count": "0",
                            "ipv6_addresses.#": "0",
                            "key_name": "reco-prod",
                            "monitoring": "false",
                            "network_interface.#": "0",
                            "network_interface_id": "eni-754d85c2",
                            "primary_network_interface_id": "eni-754d85c2",
                            "private_dns": "ip-10-126-115-102.ec2.internal",
                            "private_ip": "10.126.115.102",
                            "public_dns": "",
                            "public_ip": "",
                            "root_block_device.#": "1",
                            "root_block_device.0.delete_on_termination": "true",
                            "root_block_device.0.iops": "0",
                            "root_block_device.0.volume_size": "8",
                            "root_block_device.0.volume_type": "standard",
                            "security_groups.#": "0",
                            "source_dest_check": "true",
                            "subnet_id": "subnet-7d25a927",
                            "tags.%": "7",
                            "tags.Account_name": "jive-reco-prod",
                            "tags.Jive_service": "upena",
                            "tags.Name": "us-east-1-jive-reco-prod-newpena-data-i5",
                            "tags.Pipeline_phase": "prod",
                            "tags.Region": "us-east-1",
                            "tags.SLA": "prod",
                            "tags.Service_component": "upena-data",
                            "tenancy": "default",
                            "user_data": "45482771671415e57a11ea31bfedae83d3b64e4a",
                            "volume_tags.%": "0",
                            "vpc_security_group_ids.#": "2",
                            "vpc_security_group_ids.2817815932": "sg-8032b3f2",
                            "vpc_security_group_ids.908896562": "sg-4ac4bc3b"
                        },
                        "meta": {
                            "schema_version": "1"
                        },
                        "tainted": false
                    },
                    "deposed": [],
                    "provider": ""
                },
                "aws_instance.upena_data_i6": {
                    "type": "aws_instance",
                    "depends_on": [
                        "aws_security_group.upena_data_sg"
                    ],
                    "primary": {
                        "id": "i-0d1ca9b1a42a4eace",
                        "attributes": {
                            "ami": "ami-8c1be5f6",
                            "associate_public_ip_address": "false",
                            "availability_zone": "us-east-1c",
                            "disable_api_termination": "false",
                            "ebs_block_device.#": "0",
                            "ebs_optimized": "true",
                            "ephemeral_block_device.#": "0",
                            "iam_instance_profile": "upena-profile",
                            "id": "i-0d1ca9b1a42a4eace",
                            "instance_state": "running",
                            "instance_type": "r4.xlarge",
                            "ipv6_address_count": "0",
                            "ipv6_addresses.#": "0",
                            "key_name": "reco-prod",
                            "monitoring": "false",
                            "network_interface.#": "0",
                            "network_interface_id": "eni-f26687e4",
                            "primary_network_interface_id": "eni-f26687e4",
                            "private_dns": "ip-10-126-117-42.ec2.internal",
                            "private_ip": "10.126.117.42",
                            "public_dns": "",
                            "public_ip": "",
                            "root_block_device.#": "1",
                            "root_block_device.0.delete_on_termination": "true",
                            "root_block_device.0.iops": "0",
                            "root_block_device.0.volume_size": "8",
                            "root_block_device.0.volume_type": "standard",
                            "security_groups.#": "0",
                            "source_dest_check": "true",
                            "subnet_id": "subnet-ef28cc8b",
                            "tags.%": "7",
                            "tags.Account_name": "jive-reco-prod",
                            "tags.Jive_service": "upena",
                            "tags.Name": "us-east-1-jive-reco-prod-newpena-data-i6",
                            "tags.Pipeline_phase": "prod",
                            "tags.Region": "us-east-1",
                            "tags.SLA": "prod",
                            "tags.Service_component": "upena-data",
                            "tenancy": "default",
                            "user_data": "45482771671415e57a11ea31bfedae83d3b64e4a",
                            "volume_tags.%": "0",
                            "vpc_security_group_ids.#": "2",
                            "vpc_security_group_ids.2817815932": "sg-8032b3f2",
                            "vpc_security_group_ids.908896562": "sg-4ac4bc3b"
                        },
                        "meta": {
                            "schema_version": "1"
                        },
                        "tainted": false
                    },
                    "deposed": [],
                    "provider": ""
                },
                "aws_instance.upena_data_i7": {
                    "type": "aws_instance",
                    "depends_on": [
                        "aws_security_group.upena_data_sg"
                    ],
                    "primary": {
                        "id": "i-0c706f85dc01bfb60",
                        "attributes": {
                            "ami": "ami-8c1be5f6",
                            "associate_public_ip_address": "false",
                            "availability_zone": "us-east-1a",
                            "disable_api_termination": "false",
                            "ebs_block_device.#": "0",
                            "ebs_optimized": "true",
                            "ephemeral_block_device.#": "0",
                            "iam_instance_profile": "upena-profile",
                            "id": "i-0c706f85dc01bfb60",
                            "instance_state": "running",
                            "instance_type": "r4.xlarge",
                            "ipv6_address_count": "0",
                            "ipv6_addresses.#": "0",
                            "key_name": "reco-prod",
                            "monitoring": "false",
                            "network_interface.#": "0",
                            "network_interface_id": "eni-bc9df20d",
                            "primary_network_interface_id": "eni-bc9df20d",
                            "private_dns": "ip-10-126-113-233.ec2.internal",
                            "private_ip": "10.126.113.233",
                            "public_dns": "",
                            "public_ip": "",
                            "root_block_device.#": "1",
                            "root_block_device.0.delete_on_termination": "true",
                            "root_block_device.0.iops": "0",
                            "root_block_device.0.volume_size": "8",
                            "root_block_device.0.volume_type": "standard",
                            "security_groups.#": "0",
                            "source_dest_check": "true",
                            "subnet_id": "subnet-bc450af4",
                            "tags.%": "7",
                            "tags.Account_name": "jive-reco-prod",
                            "tags.Jive_service": "upena",
                            "tags.Name": "us-east-1-jive-reco-prod-newpena-data-i7",
                            "tags.Pipeline_phase": "prod",
                            "tags.Region": "us-east-1",
                            "tags.SLA": "prod",
                            "tags.Service_component": "upena-data",
                            "tenancy": "default",
                            "user_data": "45482771671415e57a11ea31bfedae83d3b64e4a",
                            "volume_tags.%": "0",
                            "vpc_security_group_ids.#": "2",
                            "vpc_security_group_ids.2817815932": "sg-8032b3f2",
                            "vpc_security_group_ids.908896562": "sg-4ac4bc3b"
                        },
                        "meta": {
                            "schema_version": "1"
                        },
                        "tainted": false
                    },
                    "deposed": [],
                    "provider": ""
                },
                "aws_instance.upena_data_i8": {
                    "type": "aws_instance",
                    "depends_on": [
                        "aws_security_group.upena_data_sg"
                    ],
                    "primary": {
                        "id": "i-081b76a975e181c52",
                        "attributes": {
                            "ami": "ami-8c1be5f6",
                            "associate_public_ip_address": "false",
                            "availability_zone": "us-east-1b",
                            "disable_api_termination": "false",
                            "ebs_block_device.#": "0",
                            "ebs_optimized": "true",
                            "ephemeral_block_device.#": "0",
                            "iam_instance_profile": "upena-profile",
                            "id": "i-081b76a975e181c52",
                            "instance_state": "running",
                            "instance_type": "r4.xlarge",
                            "ipv6_address_count": "0",
                            "ipv6_addresses.#": "0",
                            "key_name": "reco-prod",
                            "monitoring": "false",
                            "network_interface.#": "0",
                            "network_interface_id": "eni-0034fcb7",
                            "primary_network_interface_id": "eni-0034fcb7",
                            "private_dns": "ip-10-126-114-66.ec2.internal",
                            "private_ip": "10.126.114.66",
                            "public_dns": "",
                            "public_ip": "",
                            "root_block_device.#": "1",
                            "root_block_device.0.delete_on_termination": "true",
                            "root_block_device.0.iops": "0",
                            "root_block_device.0.volume_size": "8",
                            "root_block_device.0.volume_type": "standard",
                            "security_groups.#": "0",
                            "source_dest_check": "true",
                            "subnet_id": "subnet-7d25a927",
                            "tags.%": "7",
                            "tags.Account_name": "jive-reco-prod",
                            "tags.Jive_service": "upena",
                            "tags.Name": "us-east-1-jive-reco-prod-newpena-data-i8",
                            "tags.Pipeline_phase": "prod",
                            "tags.Region": "us-east-1",
                            "tags.SLA": "prod",
                            "tags.Service_component": "upena-data",
                            "tenancy": "default",
                            "user_data": "45482771671415e57a11ea31bfedae83d3b64e4a",
                            "volume_tags.%": "0",
                            "vpc_security_group_ids.#": "2",
                            "vpc_security_group_ids.2817815932": "sg-8032b3f2",
                            "vpc_security_group_ids.908896562": "sg-4ac4bc3b"
                        },
                        "meta": {
                            "schema_version": "1"
                        },
                        "tainted": false
                    },
                    "deposed": [],
                    "provider": ""
                },
                "aws_instance.upena_data_i9": {
                    "type": "aws_instance",
                    "depends_on": [
                        "aws_security_group.upena_data_sg"
                    ],
                    "primary": {
                        "id": "i-06ae0c85b08418d10",
                        "attributes": {
                            "ami": "ami-8c1be5f6",
                            "associate_public_ip_address": "false",
                            "availability_zone": "us-east-1c",
                            "disable_api_termination": "false",
                            "ebs_block_device.#": "0",
                            "ebs_optimized": "true",
                            "ephemeral_block_device.#": "0",
                            "iam_instance_profile": "upena-profile",
                            "id": "i-06ae0c85b08418d10",
                            "instance_state": "running",
                            "instance_type": "r4.xlarge",
                            "ipv6_address_count": "0",
                            "ipv6_addresses.#": "0",
                            "key_name": "reco-prod",
                            "monitoring": "false",
                            "network_interface.#": "0",
                            "network_interface_id": "eni-25668733",
                            "primary_network_interface_id": "eni-25668733",
                            "private_dns": "ip-10-126-116-248.ec2.internal",
                            "private_ip": "10.126.116.248",
                            "public_dns": "",
                            "public_ip": "",
                            "root_block_device.#": "1",
                            "root_block_device.0.delete_on_termination": "true",
                            "root_block_device.0.iops": "0",
                            "root_block_device.0.volume_size": "8",
                            "root_block_device.0.volume_type": "standard",
                            "security_groups.#": "0",
                            "source_dest_check": "true",
                            "subnet_id": "subnet-ef28cc8b",
                            "tags.%": "7",
                            "tags.Account_name": "jive-reco-prod",
                            "tags.Jive_service": "upena",
                            "tags.Name": "us-east-1-jive-reco-prod-newpena-data-i9",
                            "tags.Pipeline_phase": "prod",
                            "tags.Region": "us-east-1",
                            "tags.SLA": "prod",
                            "tags.Service_component": "upena-data",
                            "tenancy": "default",
                            "user_data": "45482771671415e57a11ea31bfedae83d3b64e4a",
                            "volume_tags.%": "0",
                            "vpc_security_group_ids.#": "2",
                            "vpc_security_group_ids.2817815932": "sg-8032b3f2",
                            "vpc_security_group_ids.908896562": "sg-4ac4bc3b"
                        },
                        "meta": {
                            "schema_version": "1"
                        },
                        "tainted": false
                    },
                    "deposed": [],
                    "provider": ""
                },
                "aws_route53_record.newpena_data_ri1": {
                    "type": "aws_route53_record",
                    "depends_on": [
                        "aws_instance.upena_data_i1"
                    ],
                    "primary": {
                        "id": "Z3G5VQCYCT435Y_us-east-1-jive-reco-prod-newpena-data-i1_A",
                        "attributes": {
                            "fqdn": "us-east-1-jive-reco-prod-newpena-data-i1.jiveprivate.com",
                            "health_check_id": "",
                            "id": "Z3G5VQCYCT435Y_us-east-1-jive-reco-prod-newpena-data-i1_A",
                            "name": "us-east-1-jive-reco-prod-newpena-data-i1",
                            "records.#": "1",
                            "records.2081936526": "10.126.113.74",
                            "set_identifier": "",
                            "ttl": "60",
                            "type": "A",
                            "zone_id": "Z3G5VQCYCT435Y"
                        },
                        "meta": {
                            "schema_version": "2"
                        },
                        "tainted": false
                    },
                    "deposed": [],
                    "provider": ""
                },
                "aws_route53_record.newpena_data_ri2": {
                    "type": "aws_route53_record",
                    "depends_on": [
                        "aws_instance.upena_data_i2"
                    ],
                    "primary": {
                        "id": "Z3G5VQCYCT435Y_us-east-1-jive-reco-prod-newpena-data-i2_A",
                        "attributes": {
                            "fqdn": "us-east-1-jive-reco-prod-newpena-data-i2.jiveprivate.com",
                            "health_check_id": "",
                            "id": "Z3G5VQCYCT435Y_us-east-1-jive-reco-prod-newpena-data-i2_A",
                            "name": "us-east-1-jive-reco-prod-newpena-data-i2",
                            "records.#": "1",
                            "records.4197368841": "10.126.114.173",
                            "set_identifier": "",
                            "ttl": "60",
                            "type": "A",
                            "zone_id": "Z3G5VQCYCT435Y"
                        },
                        "meta": {
                            "schema_version": "2"
                        },
                        "tainted": false
                    },
                    "deposed": [],
                    "provider": ""
                },
                "aws_route53_record.newpena_data_ri3": {
                    "type": "aws_route53_record",
                    "depends_on": [
                        "aws_instance.upena_data_i3"
                    ],
                    "primary": {
                        "id": "Z3G5VQCYCT435Y_us-east-1-jive-reco-prod-newpena-data-i3_A",
                        "attributes": {
                            "fqdn": "us-east-1-jive-reco-prod-newpena-data-i3.jiveprivate.com",
                            "health_check_id": "",
                            "id": "Z3G5VQCYCT435Y_us-east-1-jive-reco-prod-newpena-data-i3_A",
                            "name": "us-east-1-jive-reco-prod-newpena-data-i3",
                            "records.#": "1",
                            "records.1102700655": "10.126.116.25",
                            "set_identifier": "",
                            "ttl": "60",
                            "type": "A",
                            "zone_id": "Z3G5VQCYCT435Y"
                        },
                        "meta": {
                            "schema_version": "2"
                        },
                        "tainted": false
                    },
                    "deposed": [],
                    "provider": ""
                },
                "aws_route53_record.newpena_data_ri4": {
                    "type": "aws_route53_record",
                    "depends_on": [
                        "aws_instance.upena_data_i4"
                    ],
                    "primary": {
                        "id": "Z3G5VQCYCT435Y_us-east-1-jive-reco-prod-newpena-data-i4_A",
                        "attributes": {
                            "fqdn": "us-east-1-jive-reco-prod-newpena-data-i4.jiveprivate.com",
                            "health_check_id": "",
                            "id": "Z3G5VQCYCT435Y_us-east-1-jive-reco-prod-newpena-data-i4_A",
                            "name": "us-east-1-jive-reco-prod-newpena-data-i4",
                            "records.#": "1",
                            "records.1159654770": "10.126.112.253",
                            "set_identifier": "",
                            "ttl": "60",
                            "type": "A",
                            "zone_id": "Z3G5VQCYCT435Y"
                        },
                        "meta": {
                            "schema_version": "2"
                        },
                        "tainted": false
                    },
                    "deposed": [],
                    "provider": ""
                },
                "aws_route53_record.newpena_data_ri5": {
                    "type": "aws_route53_record",
                    "depends_on": [
                        "aws_instance.upena_data_i5"
                    ],
                    "primary": {
                        "id": "Z3G5VQCYCT435Y_us-east-1-jive-reco-prod-newpena-data-i5_A",
                        "attributes": {
                            "fqdn": "us-east-1-jive-reco-prod-newpena-data-i5.jiveprivate.com",
                            "health_check_id": "",
                            "id": "Z3G5VQCYCT435Y_us-east-1-jive-reco-prod-newpena-data-i5_A",
                            "name": "us-east-1-jive-reco-prod-newpena-data-i5",
                            "records.#": "1",
                            "records.4278733800": "10.126.115.102",
                            "set_identifier": "",
                            "ttl": "60",
                            "type": "A",
                            "zone_id": "Z3G5VQCYCT435Y"
                        },
                        "meta": {
                            "schema_version": "2"
                        },
                        "tainted": false
                    },
                    "deposed": [],
                    "provider": ""
                },
                "aws_route53_record.newpena_data_ri6": {
                    "type": "aws_route53_record",
                    "depends_on": [
                        "aws_instance.upena_data_i6"
                    ],
                    "primary": {
                        "id": "Z3G5VQCYCT435Y_us-east-1-jive-reco-prod-newpena-data-i6_A",
                        "attributes": {
                            "fqdn": "us-east-1-jive-reco-prod-newpena-data-i6.jiveprivate.com",
                            "health_check_id": "",
                            "id": "Z3G5VQCYCT435Y_us-east-1-jive-reco-prod-newpena-data-i6_A",
                            "name": "us-east-1-jive-reco-prod-newpena-data-i6",
                            "records.#": "1",
                            "records.825996591": "10.126.117.42",
                            "set_identifier": "",
                            "ttl": "60",
                            "type": "A",
                            "zone_id": "Z3G5VQCYCT435Y"
                        },
                        "meta": {
                            "schema_version": "2"
                        },
                        "tainted": false
                    },
                    "deposed": [],
                    "provider": ""
                },
                "aws_route53_record.newpena_data_ri7": {
                    "type": "aws_route53_record",
                    "depends_on": [
                        "aws_instance.upena_data_i7"
                    ],
                    "primary": {
                        "id": "Z3G5VQCYCT435Y_us-east-1-jive-reco-prod-newpena-data-i7_A",
                        "attributes": {
                            "fqdn": "us-east-1-jive-reco-prod-newpena-data-i7.jiveprivate.com",
                            "health_check_id": "",
                            "id": "Z3G5VQCYCT435Y_us-east-1-jive-reco-prod-newpena-data-i7_A",
                            "name": "us-east-1-jive-reco-prod-newpena-data-i7",
                            "records.#": "1",
                            "records.774136644": "10.126.113.233",
                            "set_identifier": "",
                            "ttl": "60",
                            "type": "A",
                            "zone_id": "Z3G5VQCYCT435Y"
                        },
                        "meta": {
                            "schema_version": "2"
                        },
                        "tainted": false
                    },
                    "deposed": [],
                    "provider": ""
                },
                "aws_route53_record.newpena_data_ri8": {
                    "type": "aws_route53_record",
                    "depends_on": [
                        "aws_instance.upena_data_i8"
                    ],
                    "primary": {
                        "id": "Z3G5VQCYCT435Y_us-east-1-jive-reco-prod-newpena-data-i8_A",
                        "attributes": {
                            "fqdn": "us-east-1-jive-reco-prod-newpena-data-i8.jiveprivate.com",
                            "health_check_id": "",
                            "id": "Z3G5VQCYCT435Y_us-east-1-jive-reco-prod-newpena-data-i8_A",
                            "name": "us-east-1-jive-reco-prod-newpena-data-i8",
                            "records.#": "1",
                            "records.383106138": "10.126.114.66",
                            "set_identifier": "",
                            "ttl": "60",
                            "type": "A",
                            "zone_id": "Z3G5VQCYCT435Y"
                        },
                        "meta": {
                            "schema_version": "2"
                        },
                        "tainted": false
                    },
                    "deposed": [],
                    "provider": ""
                },
                "aws_route53_record.newpena_data_ri9": {
                    "type": "aws_route53_record",
                    "depends_on": [
                        "aws_instance.upena_data_i9"
                    ],
                    "primary": {
                        "id": "Z3G5VQCYCT435Y_us-east-1-jive-reco-prod-newpena-data-i9_A",
                        "attributes": {
                            "fqdn": "us-east-1-jive-reco-prod-newpena-data-i9.jiveprivate.com",
                            "health_check_id": "",
                            "id": "Z3G5VQCYCT435Y_us-east-1-jive-reco-prod-newpena-data-i9_A",
                            "name": "us-east-1-jive-reco-prod-newpena-data-i9",
                            "records.#": "1",
                            "records.1045930875": "10.126.116.248",
                            "set_identifier": "",
                            "ttl": "60",
                            "type": "A",
                            "zone_id": "Z3G5VQCYCT435Y"
                        },
                        "meta": {
                            "schema_version": "2"
                        },
                        "tainted": false
                    },
                    "deposed": [],
                    "provider": ""
                },
                "aws_security_group.upena_data_sg": {
                    "type": "aws_security_group",
                    "depends_on": [],
                    "primary": {
                        "id": "sg-8032b3f2",
                        "attributes": {
                            "description": "Allows necessary communication between upena-data instances",
                            "egress.#": "0",
                            "id": "sg-8032b3f2",
                            "ingress.#": "2",
                            "ingress.1251094559.cidr_blocks.#": "1",
                            "ingress.1251094559.cidr_blocks.0": "0.0.0.0/0",
                            "ingress.1251094559.from_port": "1175",
                            "ingress.1251094559.ipv6_cidr_blocks.#": "0",
                            "ingress.1251094559.protocol": "tcp",
                            "ingress.1251094559.security_groups.#": "0",
                            "ingress.1251094559.self": "false",
                            "ingress.1251094559.to_port": "1175",
                            "ingress.3258786324.cidr_blocks.#": "1",
                            "ingress.3258786324.cidr_blocks.0": "0.0.0.0/0",
                            "ingress.3258786324.from_port": "10000",
                            "ingress.3258786324.ipv6_cidr_blocks.#": "0",
                            "ingress.3258786324.protocol": "tcp",
                            "ingress.3258786324.security_groups.#": "0",
                            "ingress.3258786324.self": "false",
                            "ingress.3258786324.to_port": "11000",
                            "name": "us-east-1-jive-reco-prod-upena-data",
                            "owner_id": "870846026232",
                            "tags.%": "7",
                            "tags.Account_name": "jive-reco-prod",
                            "tags.Jive_service": "upena",
                            "tags.Name": "us-east-1-jive-reco-prod-upena-data",
                            "tags.Pipeline_phase": "prod",
                            "tags.Region": "us-east-1",
                            "tags.SLA": "prod",
                            "tags.Service_component": "upena-data",
                            "vpc_id": "vpc-0175e878"
                        },
                        "meta": {},
                        "tainted": false
                    },
                    "deposed": [],
                    "provider": ""
                },
                "aws_volume_attachment.upena_data_i1_av0": {
                    "type": "aws_volume_attachment",
                    "depends_on": [
                        "aws_ebs_volume.upena_data_i1_v0",
                        "aws_instance.upena_data_i1"
                    ],
                    "primary": {
                        "id": "vai-3232100270",
                        "attributes": {
                            "device_name": "/dev/sdd",
                            "force_detach": "true",
                            "id": "vai-3232100270",
                            "instance_id": "i-052d614dc39f19326",
                            "volume_id": "vol-07f7dfb526f2c0366"
                        },
                        "meta": {},
                        "tainted": false
                    },
                    "deposed": [],
                    "provider": ""
                },
                "aws_volume_attachment.upena_data_i1_av1": {
                    "type": "aws_volume_attachment",
                    "depends_on": [
                        "aws_ebs_volume.upena_data_i1_v1",
                        "aws_instance.upena_data_i1"
                    ],
                    "primary": {
                        "id": "vai-1031405961",
                        "attributes": {
                            "device_name": "/dev/sde",
                            "force_detach": "true",
                            "id": "vai-1031405961",
                            "instance_id": "i-052d614dc39f19326",
                            "volume_id": "vol-032bfeac6b76e7e53"
                        },
                        "meta": {},
                        "tainted": false
                    },
                    "deposed": [],
                    "provider": ""
                },
                "aws_volume_attachment.upena_data_i1_av2": {
                    "type": "aws_volume_attachment",
                    "depends_on": [
                        "aws_ebs_volume.upena_data_i1_v2",
                        "aws_instance.upena_data_i1"
                    ],
                    "primary": {
                        "id": "vai-1391494654",
                        "attributes": {
                            "device_name": "/dev/sdf",
                            "force_detach": "true",
                            "id": "vai-1391494654",
                            "instance_id": "i-052d614dc39f19326",
                            "volume_id": "vol-09109f98d57401ef3"
                        },
                        "meta": {},
                        "tainted": false
                    },
                    "deposed": [],
                    "provider": ""
                },
                "aws_volume_attachment.upena_data_i1_av3": {
                    "type": "aws_volume_attachment",
                    "depends_on": [
                        "aws_ebs_volume.upena_data_i1_v3",
                        "aws_instance.upena_data_i1"
                    ],
                    "primary": {
                        "id": "vai-1334815315",
                        "attributes": {
                            "device_name": "/dev/sdg",
                            "force_detach": "true",
                            "id": "vai-1334815315",
                            "instance_id": "i-052d614dc39f19326",
                            "volume_id": "vol-0922aef08b39b83f2"
                        },
                        "meta": {},
                        "tainted": false
                    },
                    "deposed": [],
                    "provider": ""
                },
                "aws_volume_attachment.upena_data_i2_av0": {
                    "type": "aws_volume_attachment",
                    "depends_on": [
                        "aws_ebs_volume.upena_data_i2_v0",
                        "aws_instance.upena_data_i2"
                    ],
                    "primary": {
                        "id": "vai-2748954863",
                        "attributes": {
                            "device_name": "/dev/sdd",
                            "force_detach": "true",
                            "id": "vai-2748954863",
                            "instance_id": "i-08413b1b40bf0a4fc",
                            "volume_id": "vol-0fcc1d8eb47ccb881"
                        },
                        "meta": {},
                        "tainted": false
                    },
                    "deposed": [],
                    "provider": ""
                },
                "aws_volume_attachment.upena_data_i2_av1": {
                    "type": "aws_volume_attachment",
                    "depends_on": [
                        "aws_ebs_volume.upena_data_i2_v1",
                        "aws_instance.upena_data_i2"
                    ],
                    "primary": {
                        "id": "vai-2139639371",
                        "attributes": {
                            "device_name": "/dev/sde",
                            "force_detach": "true",
                            "id": "vai-2139639371",
                            "instance_id": "i-08413b1b40bf0a4fc",
                            "volume_id": "vol-0a6840c9543f62db6"
                        },
                        "meta": {},
                        "tainted": false
                    },
                    "deposed": [],
                    "provider": ""
                },
                "aws_volume_attachment.upena_data_i2_av2": {
                    "type": "aws_volume_attachment",
                    "depends_on": [
                        "aws_ebs_volume.upena_data_i2_v2",
                        "aws_instance.upena_data_i2"
                    ],
                    "primary": {
                        "id": "vai-3623493116",
                        "attributes": {
                            "device_name": "/dev/sdf",
                            "force_detach": "true",
                            "id": "vai-3623493116",
                            "instance_id": "i-08413b1b40bf0a4fc",
                            "volume_id": "vol-08312c1cf90ae163b"
                        },
                        "meta": {},
                        "tainted": false
                    },
                    "deposed": [],
                    "provider": ""
                },
                "aws_volume_attachment.upena_data_i2_av3": {
                    "type": "aws_volume_attachment",
                    "depends_on": [
                        "aws_ebs_volume.upena_data_i2_v3",
                        "aws_instance.upena_data_i2"
                    ],
                    "primary": {
                        "id": "vai-2646965657",
                        "attributes": {
                            "device_name": "/dev/sdg",
                            "force_detach": "true",
                            "id": "vai-2646965657",
                            "instance_id": "i-08413b1b40bf0a4fc",
                            "volume_id": "vol-0efde4ab8426b5057"
                        },
                        "meta": {},
                        "tainted": false
                    },
                    "deposed": [],
                    "provider": ""
                },
                "aws_volume_attachment.upena_data_i3_av0": {
                    "type": "aws_volume_attachment",
                    "depends_on": [
                        "aws_ebs_volume.upena_data_i3_v0",
                        "aws_instance.upena_data_i3"
                    ],
                    "primary": {
                        "id": "vai-3313284336",
                        "attributes": {
                            "device_name": "/dev/sdd",
                            "force_detach": "true",
                            "id": "vai-3313284336",
                            "instance_id": "i-0cc578cf45f0c6c1c",
                            "volume_id": "vol-0665e9363e5e42cec"
                        },
                        "meta": {},
                        "tainted": false
                    },
                    "deposed": [],
                    "provider": ""
                },
                "aws_volume_attachment.upena_data_i3_av1": {
                    "type": "aws_volume_attachment",
                    "depends_on": [
                        "aws_ebs_volume.upena_data_i3_v1",
                        "aws_instance.upena_data_i3"
                    ],
                    "primary": {
                        "id": "vai-2947485532",
                        "attributes": {
                            "device_name": "/dev/sde",
                            "force_detach": "true",
                            "id": "vai-2947485532",
                            "instance_id": "i-0cc578cf45f0c6c1c",
                            "volume_id": "vol-0c7ca1f18fae7aa3b"
                        },
                        "meta": {},
                        "tainted": false
                    },
                    "deposed": [],
                    "provider": ""
                },
                "aws_volume_attachment.upena_data_i3_av2": {
                    "type": "aws_volume_attachment",
                    "depends_on": [
                        "aws_ebs_volume.upena_data_i3_v2",
                        "aws_instance.upena_data_i3"
                    ],
                    "primary": {
                        "id": "vai-1164915743",
                        "attributes": {
                            "device_name": "/dev/sdf",
                            "force_detach": "true",
                            "id": "vai-1164915743",
                            "instance_id": "i-0cc578cf45f0c6c1c",
                            "volume_id": "vol-09aeb761afecb0261"
                        },
                        "meta": {},
                        "tainted": false
                    },
                    "deposed": [],
                    "provider": ""
                },
                "aws_volume_attachment.upena_data_i3_av3": {
                    "type": "aws_volume_attachment",
                    "depends_on": [
                        "aws_ebs_volume.upena_data_i3_v3",
                        "aws_instance.upena_data_i3"
                    ],
                    "primary": {
                        "id": "vai-4212796798",
                        "attributes": {
                            "device_name": "/dev/sdg",
                            "force_detach": "true",
                            "id": "vai-4212796798",
                            "instance_id": "i-0cc578cf45f0c6c1c",
                            "volume_id": "vol-0f0f279536bc438f8"
                        },
                        "meta": {},
                        "tainted": false
                    },
                    "deposed": [],
                    "provider": ""
                },
                "aws_volume_attachment.upena_data_i4_av0": {
                    "type": "aws_volume_attachment",
                    "depends_on": [
                        "aws_ebs_volume.upena_data_i4_v0",
                        "aws_instance.upena_data_i4"
                    ],
                    "primary": {
                        "id": "vai-499987945",
                        "attributes": {
                            "device_name": "/dev/sdd",
                            "force_detach": "true",
                            "id": "vai-499987945",
                            "instance_id": "i-093d14ec3a2ecc88e",
                            "volume_id": "vol-0e420e8e5b1244896"
                        },
                        "meta": {},
                        "tainted": false
                    },
                    "deposed": [],
                    "provider": ""
                },
                "aws_volume_attachment.upena_data_i4_av1": {
                    "type": "aws_volume_attachment",
                    "depends_on": [
                        "aws_ebs_volume.upena_data_i4_v1",
                        "aws_instance.upena_data_i4"
                    ],
                    "primary": {
                        "id": "vai-1607258199",
                        "attributes": {
                            "device_name": "/dev/sde",
                            "force_detach": "true",
                            "id": "vai-1607258199",
                            "instance_id": "i-093d14ec3a2ecc88e",
                            "volume_id": "vol-0fb494ddb3e792b85"
                        },
                        "meta": {},
                        "tainted": false
                    },
                    "deposed": [],
                    "provider": ""
                },
                "aws_volume_attachment.upena_data_i4_av2": {
                    "type": "aws_volume_attachment",
                    "depends_on": [
                        "aws_ebs_volume.upena_data_i4_v2",
                        "aws_instance.upena_data_i4"
                    ],
                    "primary": {
                        "id": "vai-3915787521",
                        "attributes": {
                            "device_name": "/dev/sdf",
                            "force_detach": "true",
                            "id": "vai-3915787521",
                            "instance_id": "i-093d14ec3a2ecc88e",
                            "volume_id": "vol-05a0e5e73bc8cd039"
                        },
                        "meta": {},
                        "tainted": false
                    },
                    "deposed": [],
                    "provider": ""
                },
                "aws_volume_attachment.upena_data_i4_av3": {
                    "type": "aws_volume_attachment",
                    "depends_on": [
                        "aws_ebs_volume.upena_data_i4_v3",
                        "aws_instance.upena_data_i4"
                    ],
                    "primary": {
                        "id": "vai-2947198373",
                        "attributes": {
                            "device_name": "/dev/sdg",
                            "force_detach": "true",
                            "id": "vai-2947198373",
                            "instance_id": "i-093d14ec3a2ecc88e",
                            "volume_id": "vol-02b6ac080f9da62b7"
                        },
                        "meta": {},
                        "tainted": false
                    },
                    "deposed": [],
                    "provider": ""
                },
                "aws_volume_attachment.upena_data_i5_av0": {
                    "type": "aws_volume_attachment",
                    "depends_on": [
                        "aws_ebs_volume.upena_data_i5_v0",
                        "aws_instance.upena_data_i5"
                    ],
                    "primary": {
                        "id": "vai-1721512081",
                        "attributes": {
                            "device_name": "/dev/sdd",
                            "force_detach": "true",
                            "id": "vai-1721512081",
                            "instance_id": "i-0011cf0fc54f6fbd6",
                            "volume_id": "vol-0be7938047829a7b5"
                        },
                        "meta": {},
                        "tainted": false
                    },
                    "deposed": [],
                    "provider": ""
                },
                "aws_volume_attachment.upena_data_i5_av1": {
                    "type": "aws_volume_attachment",
                    "depends_on": [
                        "aws_ebs_volume.upena_data_i5_v1",
                        "aws_instance.upena_data_i5"
                    ],
                    "primary": {
                        "id": "vai-3189327302",
                        "attributes": {
                            "device_name": "/dev/sde",
                            "force_detach": "true",
                            "id": "vai-3189327302",
                            "instance_id": "i-0011cf0fc54f6fbd6",
                            "volume_id": "vol-0b5372eb188ae4673"
                        },
                        "meta": {},
                        "tainted": false
                    },
                    "deposed": [],
                    "provider": ""
                },
                "aws_volume_attachment.upena_data_i5_av2": {
                    "type": "aws_volume_attachment",
                    "depends_on": [
                        "aws_ebs_volume.upena_data_i5_v2",
                        "aws_instance.upena_data_i5"
                    ],
                    "primary": {
                        "id": "vai-135557425",
                        "attributes": {
                            "device_name": "/dev/sdf",
                            "force_detach": "true",
                            "id": "vai-135557425",
                            "instance_id": "i-0011cf0fc54f6fbd6",
                            "volume_id": "vol-0e0c7fef813fb988b"
                        },
                        "meta": {},
                        "tainted": false
                    },
                    "deposed": [],
                    "provider": ""
                },
                "aws_volume_attachment.upena_data_i5_av3": {
                    "type": "aws_volume_attachment",
                    "depends_on": [
                        "aws_ebs_volume.upena_data_i5_v3",
                        "aws_instance.upena_data_i5"
                    ],
                    "primary": {
                        "id": "vai-3255308660",
                        "attributes": {
                            "device_name": "/dev/sdg",
                            "force_detach": "true",
                            "id": "vai-3255308660",
                            "instance_id": "i-0011cf0fc54f6fbd6",
                            "volume_id": "vol-0a41b9629ab88037f"
                        },
                        "meta": {},
                        "tainted": false
                    },
                    "deposed": [],
                    "provider": ""
                },
                "aws_volume_attachment.upena_data_i6_av0": {
                    "type": "aws_volume_attachment",
                    "depends_on": [
                        "aws_ebs_volume.upena_data_i6_v0",
                        "aws_instance.upena_data_i6"
                    ],
                    "primary": {
                        "id": "vai-756603389",
                        "attributes": {
                            "device_name": "/dev/sdd",
                            "force_detach": "true",
                            "id": "vai-756603389",
                            "instance_id": "i-0d1ca9b1a42a4eace",
                            "volume_id": "vol-04a8a68a7decc58af"
                        },
                        "meta": {},
                        "tainted": false
                    },
                    "deposed": [],
                    "provider": ""
                },
                "aws_volume_attachment.upena_data_i6_av1": {
                    "type": "aws_volume_attachment",
                    "depends_on": [
                        "aws_ebs_volume.upena_data_i6_v1",
                        "aws_instance.upena_data_i6"
                    ],
                    "primary": {
                        "id": "vai-444765496",
                        "attributes": {
                            "device_name": "/dev/sde",
                            "force_detach": "true",
                            "id": "vai-444765496",
                            "instance_id": "i-0d1ca9b1a42a4eace",
                            "volume_id": "vol-098b84b640f57852b"
                        },
                        "meta": {},
                        "tainted": false
                    },
                    "deposed": [],
                    "provider": ""
                },
                "aws_volume_attachment.upena_data_i6_av2": {
                    "type": "aws_volume_attachment",
                    "depends_on": [
                        "aws_ebs_volume.upena_data_i6_v2",
                        "aws_instance.upena_data_i6"
                    ],
                    "primary": {
                        "id": "vai-1619892575",
                        "attributes": {
                            "device_name": "/dev/sdf",
                            "force_detach": "true",
                            "id": "vai-1619892575",
                            "instance_id": "i-0d1ca9b1a42a4eace",
                            "volume_id": "vol-0ce01be575e128418"
                        },
                        "meta": {},
                        "tainted": false
                    },
                    "deposed": [],
                    "provider": ""
                },
                "aws_volume_attachment.upena_data_i6_av3": {
                    "type": "aws_volume_attachment",
                    "depends_on": [
                        "aws_ebs_volume.upena_data_i6_v3",
                        "aws_instance.upena_data_i6"
                    ],
                    "primary": {
                        "id": "vai-1169214884",
                        "attributes": {
                            "device_name": "/dev/sdg",
                            "force_detach": "true",
                            "id": "vai-1169214884",
                            "instance_id": "i-0d1ca9b1a42a4eace",
                            "volume_id": "vol-008c0eb2546ce999c"
                        },
                        "meta": {},
                        "tainted": false
                    },
                    "deposed": [],
                    "provider": ""
                },
                "aws_volume_attachment.upena_data_i7_av0": {
                    "type": "aws_volume_attachment",
                    "depends_on": [
                        "aws_ebs_volume.upena_data_i7_v0",
                        "aws_instance.upena_data_i7"
                    ],
                    "primary": {
                        "id": "vai-481589117",
                        "attributes": {
                            "device_name": "/dev/sdd",
                            "force_detach": "true",
                            "id": "vai-481589117",
                            "instance_id": "i-0c706f85dc01bfb60",
                            "volume_id": "vol-0a95d9abbc65bf633"
                        },
                        "meta": {},
                        "tainted": false
                    },
                    "deposed": [],
                    "provider": ""
                },
                "aws_volume_attachment.upena_data_i7_av1": {
                    "type": "aws_volume_attachment",
                    "depends_on": [
                        "aws_ebs_volume.upena_data_i7_v1",
                        "aws_instance.upena_data_i7"
                    ],
                    "primary": {
                        "id": "vai-2421845413",
                        "attributes": {
                            "device_name": "/dev/sde",
                            "force_detach": "true",
                            "id": "vai-2421845413",
                            "instance_id": "i-0c706f85dc01bfb60",
                            "volume_id": "vol-058dc0ab75ec41f3c"
                        },
                        "meta": {},
                        "tainted": false
                    },
                    "deposed": [],
                    "provider": ""
                },
                "aws_volume_attachment.upena_data_i7_av2": {
                    "type": "aws_volume_attachment",
                    "depends_on": [
                        "aws_ebs_volume.upena_data_i7_v2",
                        "aws_instance.upena_data_i7"
                    ],
                    "primary": {
                        "id": "vai-1078560619",
                        "attributes": {
                            "device_name": "/dev/sdf",
                            "force_detach": "true",
                            "id": "vai-1078560619",
                            "instance_id": "i-0c706f85dc01bfb60",
                            "volume_id": "vol-04d8a86553d20f686"
                        },
                        "meta": {},
                        "tainted": false
                    },
                    "deposed": [],
                    "provider": ""
                },
                "aws_volume_attachment.upena_data_i7_av3": {
                    "type": "aws_volume_attachment",
                    "depends_on": [
                        "aws_ebs_volume.upena_data_i7_v3",
                        "aws_instance.upena_data_i7"
                    ],
                    "primary": {
                        "id": "vai-1199458807",
                        "attributes": {
                            "device_name": "/dev/sdg",
                            "force_detach": "true",
                            "id": "vai-1199458807",
                            "instance_id": "i-0c706f85dc01bfb60",
                            "volume_id": "vol-0e5065994df0db1c9"
                        },
                        "meta": {},
                        "tainted": false
                    },
                    "deposed": [],
                    "provider": ""
                },
                "aws_volume_attachment.upena_data_i8_av0": {
                    "type": "aws_volume_attachment",
                    "depends_on": [
                        "aws_ebs_volume.upena_data_i8_v0",
                        "aws_instance.upena_data_i8"
                    ],
                    "primary": {
                        "id": "vai-1998080581",
                        "attributes": {
                            "device_name": "/dev/sdd",
                            "force_detach": "true",
                            "id": "vai-1998080581",
                            "instance_id": "i-081b76a975e181c52",
                            "volume_id": "vol-0836b907f6bffd079"
                        },
                        "meta": {},
                        "tainted": false
                    },
                    "deposed": [],
                    "provider": ""
                },
                "aws_volume_attachment.upena_data_i8_av1": {
                    "type": "aws_volume_attachment",
                    "depends_on": [
                        "aws_ebs_volume.upena_data_i8_v1",
                        "aws_instance.upena_data_i8"
                    ],
                    "primary": {
                        "id": "vai-3015687678",
                        "attributes": {
                            "device_name": "/dev/sde",
                            "force_detach": "true",
                            "id": "vai-3015687678",
                            "instance_id": "i-081b76a975e181c52",
                            "volume_id": "vol-026655dc5ff4509c1"
                        },
                        "meta": {},
                        "tainted": false
                    },
                    "deposed": [],
                    "provider": ""
                },
                "aws_volume_attachment.upena_data_i8_av2": {
                    "type": "aws_volume_attachment",
                    "depends_on": [
                        "aws_ebs_volume.upena_data_i8_v2",
                        "aws_instance.upena_data_i8"
                    ],
                    "primary": {
                        "id": "vai-2079724800",
                        "attributes": {
                            "device_name": "/dev/sdf",
                            "force_detach": "true",
                            "id": "vai-2079724800",
                            "instance_id": "i-081b76a975e181c52",
                            "volume_id": "vol-01178e6b9c6d5660b"
                        },
                        "meta": {},
                        "tainted": false
                    },
                    "deposed": [],
                    "provider": ""
                },
                "aws_volume_attachment.upena_data_i8_av3": {
                    "type": "aws_volume_attachment",
                    "depends_on": [
                        "aws_ebs_volume.upena_data_i8_v3",
                        "aws_instance.upena_data_i8"
                    ],
                    "primary": {
                        "id": "vai-244620137",
                        "attributes": {
                            "device_name": "/dev/sdg",
                            "force_detach": "true",
                            "id": "vai-244620137",
                            "instance_id": "i-081b76a975e181c52",
                            "volume_id": "vol-050346a5bee03e3b8"
                        },
                        "meta": {},
                        "tainted": false
                    },
                    "deposed": [],
                    "provider": ""
                },
                "aws_volume_attachment.upena_data_i9_av0": {
                    "type": "aws_volume_attachment",
                    "depends_on": [
                        "aws_ebs_volume.upena_data_i9_v0",
                        "aws_instance.upena_data_i9"
                    ],
                    "primary": {
                        "id": "vai-1111579024",
                        "attributes": {
                            "device_name": "/dev/sdd",
                            "force_detach": "true",
                            "id": "vai-1111579024",
                            "instance_id": "i-06ae0c85b08418d10",
                            "volume_id": "vol-057d3551000408d47"
                        },
                        "meta": {},
                        "tainted": false
                    },
                    "deposed": [],
                    "provider": ""
                },
                "aws_volume_attachment.upena_data_i9_av1": {
                    "type": "aws_volume_attachment",
                    "depends_on": [
                        "aws_ebs_volume.upena_data_i9_v1",
                        "aws_instance.upena_data_i9"
                    ],
                    "primary": {
                        "id": "vai-1368233596",
                        "attributes": {
                            "device_name": "/dev/sde",
                            "force_detach": "true",
                            "id": "vai-1368233596",
                            "instance_id": "i-06ae0c85b08418d10",
                            "volume_id": "vol-08e056ce61221aeb4"
                        },
                        "meta": {},
                        "tainted": false
                    },
                    "deposed": [],
                    "provider": ""
                },
                "aws_volume_attachment.upena_data_i9_av2": {
                    "type": "aws_volume_attachment",
                    "depends_on": [
                        "aws_ebs_volume.upena_data_i9_v2",
                        "aws_instance.upena_data_i9"
                    ],
                    "primary": {
                        "id": "vai-3241728171",
                        "attributes": {
                            "device_name": "/dev/sdf",
                            "force_detach": "true",
                            "id": "vai-3241728171",
                            "instance_id": "i-06ae0c85b08418d10",
                            "volume_id": "vol-0edb7a90a1332f6d8"
                        },
                        "meta": {},
                        "tainted": false
                    },
                    "deposed": [],
                    "provider": ""
                },
                "aws_volume_attachment.upena_data_i9_av3": {
                    "type": "aws_volume_attachment",
                    "depends_on": [
                        "aws_ebs_volume.upena_data_i9_v3",
                        "aws_instance.upena_data_i9"
                    ],
                    "primary": {
                        "id": "vai-1148203531",
                        "attributes": {
                            "device_name": "/dev/sdg",
                            "force_detach": "true",
                            "id": "vai-1148203531",
                            "instance_id": "i-06ae0c85b08418d10",
                            "volume_id": "vol-099ee52a6cd2f24d3"
                        },
                        "meta": {},
                        "tainted": false
                    },
                    "deposed": [],
                    "provider": ""
                }
            },
            "depends_on": []
        }
    ]
}
