{
    "version": 3,
    "terraform_version": "0.9.2",
    "serial": 27,
    "lineage": "46d8d2d4-261f-4134-b98e-e9824186aa08",
    "modules": [
        {
            "path": [
                "root"
            ],
            "outputs": {},
            "resources": {
                "aws_autoscaling_group.bastion": {
                    "type": "aws_autoscaling_group",
                    "depends_on": [
                        "aws_launch_configuration.bastion",
                        "aws_launch_configuration.bastion",
                        "aws_subnet.natdc"
                    ],
                    "primary": {
                        "id": "infra-pipeline-bastion-asg-terraform-005ad0633ceb76428ba742cf85",
                        "attributes": {
                            "arn": "arn:aws:autoscaling:us-west-2:517449413234:autoScalingGroup:48c48dbc-222f-4e09-848b-3febfb0b2194:autoScalingGroupName/infra-pipeline-bastion-asg-terraform-005ad0633ceb76428ba742cf85",
                            "availability_zones.#": "1",
                            "availability_zones.2487133097": "us-west-2a",
                            "default_cooldown": "300",
                            "desired_capacity": "1",
                            "force_delete": "false",
                            "health_check_grace_period": "300",
                            "health_check_type": "EC2",
                            "id": "infra-pipeline-bastion-asg-terraform-005ad0633ceb76428ba742cf85",
                            "launch_configuration": "terraform-005ad0633ceb76428ba742cf85",
                            "load_balancers.#": "0",
                            "max_size": "1",
                            "metrics_granularity": "1Minute",
                            "min_size": "1",
                            "name": "infra-pipeline-bastion-asg-terraform-005ad0633ceb76428ba742cf85",
                            "placement_group": "",
                            "protect_from_scale_in": "false",
                            "suspended_processes.#": "0",
                            "tag.#": "8",
                            "tag.137841598.key": "account_name",
                            "tag.137841598.propagate_at_launch": "true",
                            "tag.137841598.value": "jive-infra-pipeline",
                            "tag.1907427875.key": "pipeline_phase",
                            "tag.1907427875.propagate_at_launch": "true",
                            "tag.1907427875.value": "infra-pipeline",
                            "tag.2005627539.key": "region",
                            "tag.2005627539.propagate_at_launch": "true",
                            "tag.2005627539.value": "us-west-2",
                            "tag.2220074062.key": "sla",
                            "tag.2220074062.propagate_at_launch": "true",
                            "tag.2220074062.value": "non-prod",
                            "tag.2734052481.key": "service_component",
                            "tag.2734052481.propagate_at_launch": "true",
                            "tag.2734052481.value": "bastion",
                            "tag.3357193003.key": "Name",
                            "tag.3357193003.propagate_at_launch": "true",
                            "tag.3357193003.value": "infra-pipeline-bastion-instance",
                            "tag.729465473.key": "bastionip",
                            "tag.729465473.propagate_at_launch": "true",
                            "tag.729465473.value": "10.127.63.7",
                            "tag.853938758.key": "jive_service",
                            "tag.853938758.propagate_at_launch": "true",
                            "tag.853938758.value": "infrastructure",
                            "target_group_arns.#": "0",
                            "termination_policies.#": "0",
                            "vpc_zone_identifier.#": "1",
                            "vpc_zone_identifier.1380986265": "subnet-60860816",
                            "wait_for_capacity_timeout": "10m"
                        },
                        "meta": {},
                        "tainted": false
                    },
                    "deposed": [],
                    "provider": ""
                },
                "aws_eip.natgw.0": {
                    "type": "aws_eip",
                    "depends_on": [],
                    "primary": {
                        "id": "eipalloc-e42d2980",
                        "attributes": {
                            "association_id": "eipassoc-e778b49a",
                            "domain": "vpc",
                            "id": "eipalloc-e42d2980",
                            "instance": "",
                            "network_interface": "eni-8d500fc8",
                            "private_ip": "10.127.63.109",
                            "public_ip": "52.42.9.79",
                            "vpc": "true"
                        },
                        "meta": {},
                        "tainted": false
                    },
                    "deposed": [],
                    "provider": ""
                },
                "aws_eip.natgw.1": {
                    "type": "aws_eip",
                    "depends_on": [],
                    "primary": {
                        "id": "eipalloc-e5db2183",
                        "attributes": {
                            "association_id": "eipassoc-c17eb2bc",
                            "domain": "vpc",
                            "id": "eipalloc-e5db2183",
                            "instance": "",
                            "network_interface": "eni-2e24e15c",
                            "private_ip": "10.127.63.155",
                            "public_ip": "35.162.96.212",
                            "vpc": "true"
                        },
                        "meta": {},
                        "tainted": false
                    },
                    "deposed": [],
                    "provider": ""
                },
                "aws_eip.natgw.2": {
                    "type": "aws_eip",
                    "depends_on": [],
                    "primary": {
                        "id": "eipalloc-95e71df3",
                        "attributes": {
                            "association_id": "eipassoc-3f78b442",
                            "domain": "vpc",
                            "id": "eipalloc-95e71df3",
                            "instance": "",
                            "network_interface": "eni-3e136a6c",
                            "private_ip": "10.127.63.183",
                            "public_ip": "52.33.133.98",
                            "vpc": "true"
                        },
                        "meta": {},
                        "tainted": false
                    },
                    "deposed": [],
                    "provider": ""
                },
                "aws_internet_gateway.igw": {
                    "type": "aws_internet_gateway",
                    "depends_on": [
                        "aws_vpc.main"
                    ],
                    "primary": {
                        "id": "igw-f97e8a9d",
                        "attributes": {
                            "id": "igw-f97e8a9d",
                            "tags.%": "5",
                            "tags.Name": "infra-pipeline-igw",
                            "tags.account_name": "jive-infra-pipeline",
                            "tags.pipeline_phase": "infra-pipeline",
                            "tags.region": "us-west-2",
                            "tags.sla": "non-prod",
                            "vpc_id": "vpc-1f7b3d7b"
                        },
                        "meta": {},
                        "tainted": false
                    },
                    "deposed": [],
                    "provider": ""
                },
                "aws_launch_configuration.bastion": {
                    "type": "aws_launch_configuration",
                    "depends_on": [],
                    "primary": {
                        "id": "terraform-005ad0633ceb76428ba742cf85",
                        "attributes": {
                            "associate_public_ip_address": "false",
                            "ebs_block_device.#": "0",
                            "ebs_optimized": "false",
                            "enable_monitoring": "true",
                            "ephemeral_block_device.#": "0",
                            "iam_instance_profile": "eni-attach-profile",
                            "id": "terraform-005ad0633ceb76428ba742cf85",
                            "image_id": "ami-d2c924b2",
                            "instance_type": "t2.medium",
                            "key_name": "infra-pipeline",
                            "name": "terraform-005ad0633ceb76428ba742cf85",
                            "root_block_device.#": "1",
                            "root_block_device.0.delete_on_termination": "true",
                            "root_block_device.0.iops": "0",
                            "root_block_device.0.volume_size": "25",
                            "root_block_device.0.volume_type": "",
                            "security_groups.#": "1",
                            "security_groups.461368761": "sg-e5aade83",
                            "spot_price": "",
                            "user_data": "dc7dac09f2501cc5a8593527e4b97fcb440cd7d8",
                            "vpc_classic_link_id": "",
                            "vpc_classic_link_security_groups.#": "0"
                        },
                        "meta": {},
                        "tainted": false
                    },
                    "deposed": [],
                    "provider": ""
                },
                "aws_nat_gateway.natgw.0": {
                    "type": "aws_nat_gateway",
                    "depends_on": [
                        "aws_eip.natgw",
                        "aws_internet_gateway.igw",
                        "aws_subnet.public"
                    ],
                    "primary": {
                        "id": "nat-0fe4a6d3682818e0a",
                        "attributes": {
                            "allocation_id": "eipalloc-e42d2980",
                            "id": "nat-0fe4a6d3682818e0a",
                            "network_interface_id": "eni-8d500fc8",
                            "private_ip": "10.127.63.109",
                            "public_ip": "52.42.9.79",
                            "subnet_id": "subnet-6f860819"
                        },
                        "meta": {},
                        "tainted": false
                    },
                    "deposed": [],
                    "provider": ""
                },
                "aws_nat_gateway.natgw.1": {
                    "type": "aws_nat_gateway",
                    "depends_on": [
                        "aws_eip.natgw",
                        "aws_internet_gateway.igw",
                        "aws_subnet.public"
                    ],
                    "primary": {
                        "id": "nat-0a46dd8f4e87c0063",
                        "attributes": {
                            "allocation_id": "eipalloc-e5db2183",
                            "id": "nat-0a46dd8f4e87c0063",
                            "network_interface_id": "eni-2e24e15c",
                            "private_ip": "10.127.63.155",
                            "public_ip": "35.162.96.212",
                            "subnet_id": "subnet-eab7c08e"
                        },
                        "meta": {},
                        "tainted": false
                    },
                    "deposed": [],
                    "provider": ""
                },
                "aws_nat_gateway.natgw.2": {
                    "type": "aws_nat_gateway",
                    "depends_on": [
                        "aws_eip.natgw",
                        "aws_internet_gateway.igw",
                        "aws_subnet.public"
                    ],
                    "primary": {
                        "id": "nat-0ed73c2163fc364c8",
                        "attributes": {
                            "allocation_id": "eipalloc-95e71df3",
                            "id": "nat-0ed73c2163fc364c8",
                            "network_interface_id": "eni-3e136a6c",
                            "private_ip": "10.127.63.183",
                            "public_ip": "52.33.133.98",
                            "subnet_id": "subnet-fc7fa8a4"
                        },
                        "meta": {},
                        "tainted": false
                    },
                    "deposed": [],
                    "provider": ""
                },
                "aws_network_interface.bastion": {
                    "type": "aws_network_interface",
                    "depends_on": [
                        "aws_security_group.jive_phx_dc",
                        "aws_subnet.natdc"
                    ],
                    "primary": {
                        "id": "eni-6726122b",
                        "attributes": {
                            "attachment.#": "1",
                            "attachment.2320936882.attachment_id": "eni-attach-b81fdac0",
                            "attachment.2320936882.device_index": "1",
                            "attachment.2320936882.instance": "i-0ddc53a3f32578131",
                            "description": "",
                            "id": "eni-6726122b",
                            "private_ips.#": "1",
                            "private_ips.4049727302": "10.127.63.7",
                            "security_groups.#": "1",
                            "security_groups.461368761": "sg-e5aade83",
                            "source_dest_check": "true",
                            "subnet_id": "subnet-60860816",
                            "tags.%": "7",
                            "tags.Name": "infra-pipeline-bastion-instance",
                            "tags.account_name": "jive-infra-pipeline",
                            "tags.jive_service": "infrastructure",
                            "tags.pipeline_phase": "infra-pipeline",
                            "tags.region": "us-west-2",
                            "tags.service_component": "bastion",
                            "tags.sla": "non-prod"
                        },
                        "meta": {},
                        "tainted": false
                    },
                    "deposed": [],
                    "provider": ""
                },
                "aws_route53_record.bastion": {
                    "type": "aws_route53_record",
                    "depends_on": [],
                    "primary": {
                        "id": "Z3EI1CWJSFIPAM_bastion-us-west-2-jive-infra-pipeline_A",
                        "attributes": {
                            "fqdn": "bastion-us-west-2-jive-infra-pipeline.jiveprivate.com",
                            "health_check_id": "",
                            "id": "Z3EI1CWJSFIPAM_bastion-us-west-2-jive-infra-pipeline_A",
                            "name": "bastion-us-west-2-jive-infra-pipeline",
                            "records.#": "1",
                            "records.4049727302": "10.127.63.7",
                            "set_identifier": "",
                            "ttl": "60",
                            "type": "A",
                            "zone_id": "Z3EI1CWJSFIPAM"
                        },
                        "meta": {
                            "schema_version": "2"
                        },
                        "tainted": false
                    },
                    "deposed": [],
                    "provider": ""
                },
                "aws_route53_zone_association.route53": {
                    "type": "aws_route53_zone_association",
                    "depends_on": [
                        "aws_vpc.main"
                    ],
                    "primary": {
                        "id": "Z3EI1CWJSFIPAM:vpc-1f7b3d7b",
                        "attributes": {
                            "id": "Z3EI1CWJSFIPAM:vpc-1f7b3d7b",
                            "vpc_id": "vpc-1f7b3d7b",
                            "vpc_region": "us-west-2",
                            "zone_id": "Z3EI1CWJSFIPAM"
                        },
                        "meta": {},
                        "tainted": false
                    },
                    "deposed": [],
                    "provider": ""
                },
                "aws_route_table.natdc.0": {
                    "type": "aws_route_table",
                    "depends_on": [
                        "aws_nat_gateway.natgw",
                        "aws_vpc.main",
                        "aws_vpn_gateway.vgw"
                    ],
                    "primary": {
                        "id": "rtb-5ac9f93e",
                        "attributes": {
                            "id": "rtb-5ac9f93e",
                            "propagating_vgws.#": "1",
                            "propagating_vgws.1094695232": "vgw-3511c82b",
                            "route.#": "6",
                            "route.1018640759.cidr_block": "10.122.80.0/20",
                            "route.1018640759.egress_only_gateway_id": "",
                            "route.1018640759.gateway_id": "",
                            "route.1018640759.instance_id": "",
                            "route.1018640759.ipv6_cidr_block": "",
                            "route.1018640759.nat_gateway_id": "",
                            "route.1018640759.network_interface_id": "",
                            "route.1018640759.vpc_peering_connection_id": "pcx-ad46f4c4",
                            "route.1255269898.cidr_block": "10.127.81.0/24",
                            "route.1255269898.egress_only_gateway_id": "",
                            "route.1255269898.gateway_id": "",
                            "route.1255269898.instance_id": "",
                            "route.1255269898.ipv6_cidr_block": "",
                            "route.1255269898.nat_gateway_id": "",
                            "route.1255269898.network_interface_id": "",
                            "route.1255269898.vpc_peering_connection_id": "pcx-c955d4a0",
                            "route.1556441017.cidr_block": "10.127.20.0/24",
                            "route.1556441017.egress_only_gateway_id": "",
                            "route.1556441017.gateway_id": "",
                            "route.1556441017.instance_id": "",
                            "route.1556441017.ipv6_cidr_block": "",
                            "route.1556441017.nat_gateway_id": "",
                            "route.1556441017.network_interface_id": "",
                            "route.1556441017.vpc_peering_connection_id": "pcx-7dfa7c14",
                            "route.3410343387.cidr_block": "10.114.0.0/20",
                            "route.3410343387.egress_only_gateway_id": "",
                            "route.3410343387.gateway_id": "",
                            "route.3410343387.instance_id": "",
                            "route.3410343387.ipv6_cidr_block": "",
                            "route.3410343387.nat_gateway_id": "",
                            "route.3410343387.network_interface_id": "",
                            "route.3410343387.vpc_peering_connection_id": "pcx-b810a3d1",
                            "route.3578854142.cidr_block": "10.126.176.0/20",
                            "route.3578854142.egress_only_gateway_id": "",
                            "route.3578854142.gateway_id": "",
                            "route.3578854142.instance_id": "",
                            "route.3578854142.ipv6_cidr_block": "",
                            "route.3578854142.nat_gateway_id": "",
                            "route.3578854142.network_interface_id": "",
                            "route.3578854142.vpc_peering_connection_id": "pcx-4b219822",
                            "route.4252992662.cidr_block": "0.0.0.0/0",
                            "route.4252992662.egress_only_gateway_id": "",
                            "route.4252992662.gateway_id": "",
                            "route.4252992662.instance_id": "",
                            "route.4252992662.ipv6_cidr_block": "",
                            "route.4252992662.nat_gateway_id": "nat-0a46dd8f4e87c0063",
                            "route.4252992662.network_interface_id": "",
                            "route.4252992662.vpc_peering_connection_id": "",
                            "tags.%": "5",
                            "tags.Name": "infra-pipeline-natdc-routetable",
                            "tags.account_name": "jive-infra-pipeline",
                            "tags.pipeline_phase": "infra-pipeline",
                            "tags.region": "us-west-2",
                            "tags.sla": "non-prod",
                            "vpc_id": "vpc-1f7b3d7b"
                        },
                        "meta": {},
                        "tainted": false
                    },
                    "deposed": [],
                    "provider": ""
                },
                "aws_route_table.natdc.1": {
                    "type": "aws_route_table",
                    "depends_on": [
                        "aws_nat_gateway.natgw",
                        "aws_vpc.main",
                        "aws_vpn_gateway.vgw"
                    ],
                    "primary": {
                        "id": "rtb-c09155a6",
                        "attributes": {
                            "id": "rtb-c09155a6",
                            "propagating_vgws.#": "1",
                            "propagating_vgws.1094695232": "vgw-3511c82b",
                            "route.#": "6",
                            "route.1018640759.cidr_block": "10.122.80.0/20",
                            "route.1018640759.egress_only_gateway_id": "",
                            "route.1018640759.gateway_id": "",
                            "route.1018640759.instance_id": "",
                            "route.1018640759.ipv6_cidr_block": "",
                            "route.1018640759.nat_gateway_id": "",
                            "route.1018640759.network_interface_id": "",
                            "route.1018640759.vpc_peering_connection_id": "pcx-ad46f4c4",
                            "route.1255269898.cidr_block": "10.127.81.0/24",
                            "route.1255269898.egress_only_gateway_id": "",
                            "route.1255269898.gateway_id": "",
                            "route.1255269898.instance_id": "",
                            "route.1255269898.ipv6_cidr_block": "",
                            "route.1255269898.nat_gateway_id": "",
                            "route.1255269898.network_interface_id": "",
                            "route.1255269898.vpc_peering_connection_id": "pcx-c955d4a0",
                            "route.1556441017.cidr_block": "10.127.20.0/24",
                            "route.1556441017.egress_only_gateway_id": "",
                            "route.1556441017.gateway_id": "",
                            "route.1556441017.instance_id": "",
                            "route.1556441017.ipv6_cidr_block": "",
                            "route.1556441017.nat_gateway_id": "",
                            "route.1556441017.network_interface_id": "",
                            "route.1556441017.vpc_peering_connection_id": "pcx-7dfa7c14",
                            "route.3410343387.cidr_block": "10.114.0.0/20",
                            "route.3410343387.egress_only_gateway_id": "",
                            "route.3410343387.gateway_id": "",
                            "route.3410343387.instance_id": "",
                            "route.3410343387.ipv6_cidr_block": "",
                            "route.3410343387.nat_gateway_id": "",
                            "route.3410343387.network_interface_id": "",
                            "route.3410343387.vpc_peering_connection_id": "pcx-b810a3d1",
                            "route.3578854142.cidr_block": "10.126.176.0/20",
                            "route.3578854142.egress_only_gateway_id": "",
                            "route.3578854142.gateway_id": "",
                            "route.3578854142.instance_id": "",
                            "route.3578854142.ipv6_cidr_block": "",
                            "route.3578854142.nat_gateway_id": "",
                            "route.3578854142.network_interface_id": "",
                            "route.3578854142.vpc_peering_connection_id": "pcx-4b219822",
                            "route.4252992662.cidr_block": "0.0.0.0/0",
                            "route.4252992662.egress_only_gateway_id": "",
                            "route.4252992662.gateway_id": "",
                            "route.4252992662.instance_id": "",
                            "route.4252992662.ipv6_cidr_block": "",
                            "route.4252992662.nat_gateway_id": "nat-0a46dd8f4e87c0063",
                            "route.4252992662.network_interface_id": "",
                            "route.4252992662.vpc_peering_connection_id": "",
                            "tags.%": "5",
                            "tags.Name": "infra-pipeline-natdc-routetable",
                            "tags.account_name": "jive-infra-pipeline",
                            "tags.pipeline_phase": "infra-pipeline",
                            "tags.region": "us-west-2",
                            "tags.sla": "non-prod",
                            "vpc_id": "vpc-1f7b3d7b"
                        },
                        "meta": {},
                        "tainted": false
                    },
                    "deposed": [],
                    "provider": ""
                },
                "aws_route_table.natdc.2": {
                    "type": "aws_route_table",
                    "depends_on": [
                        "aws_nat_gateway.natgw",
                        "aws_vpc.main",
                        "aws_vpn_gateway.vgw"
                    ],
                    "primary": {
                        "id": "rtb-0c92566a",
                        "attributes": {
                            "id": "rtb-0c92566a",
                            "propagating_vgws.#": "1",
                            "propagating_vgws.1094695232": "vgw-3511c82b",
                            "route.#": "6",
                            "route.1018640759.cidr_block": "10.122.80.0/20",
                            "route.1018640759.egress_only_gateway_id": "",
                            "route.1018640759.gateway_id": "",
                            "route.1018640759.instance_id": "",
                            "route.1018640759.ipv6_cidr_block": "",
                            "route.1018640759.nat_gateway_id": "",
                            "route.1018640759.network_interface_id": "",
                            "route.1018640759.vpc_peering_connection_id": "pcx-ad46f4c4",
                            "route.1255269898.cidr_block": "10.127.81.0/24",
                            "route.1255269898.egress_only_gateway_id": "",
                            "route.1255269898.gateway_id": "",
                            "route.1255269898.instance_id": "",
                            "route.1255269898.ipv6_cidr_block": "",
                            "route.1255269898.nat_gateway_id": "",
                            "route.1255269898.network_interface_id": "",
                            "route.1255269898.vpc_peering_connection_id": "pcx-c955d4a0",
                            "route.1556441017.cidr_block": "10.127.20.0/24",
                            "route.1556441017.egress_only_gateway_id": "",
                            "route.1556441017.gateway_id": "",
                            "route.1556441017.instance_id": "",
                            "route.1556441017.ipv6_cidr_block": "",
                            "route.1556441017.nat_gateway_id": "",
                            "route.1556441017.network_interface_id": "",
                            "route.1556441017.vpc_peering_connection_id": "pcx-7dfa7c14",
                            "route.1899419359.cidr_block": "0.0.0.0/0",
                            "route.1899419359.egress_only_gateway_id": "",
                            "route.1899419359.gateway_id": "",
                            "route.1899419359.instance_id": "",
                            "route.1899419359.ipv6_cidr_block": "",
                            "route.1899419359.nat_gateway_id": "nat-0ed73c2163fc364c8",
                            "route.1899419359.network_interface_id": "",
                            "route.1899419359.vpc_peering_connection_id": "",
                            "route.3410343387.cidr_block": "10.114.0.0/20",
                            "route.3410343387.egress_only_gateway_id": "",
                            "route.3410343387.gateway_id": "",
                            "route.3410343387.instance_id": "",
                            "route.3410343387.ipv6_cidr_block": "",
                            "route.3410343387.nat_gateway_id": "",
                            "route.3410343387.network_interface_id": "",
                            "route.3410343387.vpc_peering_connection_id": "pcx-b810a3d1",
                            "route.3578854142.cidr_block": "10.126.176.0/20",
                            "route.3578854142.egress_only_gateway_id": "",
                            "route.3578854142.gateway_id": "",
                            "route.3578854142.instance_id": "",
                            "route.3578854142.ipv6_cidr_block": "",
                            "route.3578854142.nat_gateway_id": "",
                            "route.3578854142.network_interface_id": "",
                            "route.3578854142.vpc_peering_connection_id": "pcx-4b219822",
                            "tags.%": "5",
                            "tags.Name": "infra-pipeline-natdc-routetable",
                            "tags.account_name": "jive-infra-pipeline",
                            "tags.pipeline_phase": "infra-pipeline",
                            "tags.region": "us-west-2",
                            "tags.sla": "non-prod",
                            "vpc_id": "vpc-1f7b3d7b"
                        },
                        "meta": {},
                        "tainted": false
                    },
                    "deposed": [],
                    "provider": ""
                },
                "aws_route_table.private": {
                    "type": "aws_route_table",
                    "depends_on": [
                        "aws_vpc.main"
                    ],
                    "primary": {
                        "id": "rtb-13c8f877",
                        "attributes": {
                            "id": "rtb-13c8f877",
                            "propagating_vgws.#": "0",
                            "route.#": "5",
                            "route.1018640759.cidr_block": "10.122.80.0/20",
                            "route.1018640759.egress_only_gateway_id": "",
                            "route.1018640759.gateway_id": "",
                            "route.1018640759.instance_id": "",
                            "route.1018640759.ipv6_cidr_block": "",
                            "route.1018640759.nat_gateway_id": "",
                            "route.1018640759.network_interface_id": "",
                            "route.1018640759.vpc_peering_connection_id": "pcx-ad46f4c4",
                            "route.1255269898.cidr_block": "10.127.81.0/24",
                            "route.1255269898.egress_only_gateway_id": "",
                            "route.1255269898.gateway_id": "",
                            "route.1255269898.instance_id": "",
                            "route.1255269898.ipv6_cidr_block": "",
                            "route.1255269898.nat_gateway_id": "",
                            "route.1255269898.network_interface_id": "",
                            "route.1255269898.vpc_peering_connection_id": "pcx-c955d4a0",
                            "route.1556441017.cidr_block": "10.127.20.0/24",
                            "route.1556441017.egress_only_gateway_id": "",
                            "route.1556441017.gateway_id": "",
                            "route.1556441017.instance_id": "",
                            "route.1556441017.ipv6_cidr_block": "",
                            "route.1556441017.nat_gateway_id": "",
                            "route.1556441017.network_interface_id": "",
                            "route.1556441017.vpc_peering_connection_id": "pcx-7dfa7c14",
                            "route.3410343387.cidr_block": "10.114.0.0/20",
                            "route.3410343387.egress_only_gateway_id": "",
                            "route.3410343387.gateway_id": "",
                            "route.3410343387.instance_id": "",
                            "route.3410343387.ipv6_cidr_block": "",
                            "route.3410343387.nat_gateway_id": "",
                            "route.3410343387.network_interface_id": "",
                            "route.3410343387.vpc_peering_connection_id": "pcx-b810a3d1",
                            "route.3578854142.cidr_block": "10.126.176.0/20",
                            "route.3578854142.egress_only_gateway_id": "",
                            "route.3578854142.gateway_id": "",
                            "route.3578854142.instance_id": "",
                            "route.3578854142.ipv6_cidr_block": "",
                            "route.3578854142.nat_gateway_id": "",
                            "route.3578854142.network_interface_id": "",
                            "route.3578854142.vpc_peering_connection_id": "pcx-4b219822",
                            "tags.%": "5",
                            "tags.Name": "infra-pipeline-private-routetable",
                            "tags.account_name": "jive-infra-pipeline",
                            "tags.pipeline_phase": "infra-pipeline",
                            "tags.region": "us-west-2",
                            "tags.sla": "non-prod",
                            "vpc_id": "vpc-1f7b3d7b"
                        },
                        "meta": {},
                        "tainted": false
                    },
                    "deposed": [],
                    "provider": ""
                },
                "aws_route_table.public": {
                    "type": "aws_route_table",
                    "depends_on": [
                        "aws_internet_gateway.igw",
                        "aws_vpc.main"
                    ],
                    "primary": {
                        "id": "rtb-1ec8f87a",
                        "attributes": {
                            "id": "rtb-1ec8f87a",
                            "propagating_vgws.#": "0",
                            "route.#": "6",
                            "route.1018640759.cidr_block": "10.122.80.0/20",
                            "route.1018640759.egress_only_gateway_id": "",
                            "route.1018640759.gateway_id": "",
                            "route.1018640759.instance_id": "",
                            "route.1018640759.ipv6_cidr_block": "",
                            "route.1018640759.nat_gateway_id": "",
                            "route.1018640759.network_interface_id": "",
                            "route.1018640759.vpc_peering_connection_id": "pcx-ad46f4c4",
                            "route.1255269898.cidr_block": "10.127.81.0/24",
                            "route.1255269898.egress_only_gateway_id": "",
                            "route.1255269898.gateway_id": "",
                            "route.1255269898.instance_id": "",
                            "route.1255269898.ipv6_cidr_block": "",
                            "route.1255269898.nat_gateway_id": "",
                            "route.1255269898.network_interface_id": "",
                            "route.1255269898.vpc_peering_connection_id": "pcx-c955d4a0",
                            "route.1556441017.cidr_block": "10.127.20.0/24",
                            "route.1556441017.egress_only_gateway_id": "",
                            "route.1556441017.gateway_id": "",
                            "route.1556441017.instance_id": "",
                            "route.1556441017.ipv6_cidr_block": "",
                            "route.1556441017.nat_gateway_id": "",
                            "route.1556441017.network_interface_id": "",
                            "route.1556441017.vpc_peering_connection_id": "pcx-7dfa7c14",
                            "route.3410343387.cidr_block": "10.114.0.0/20",
                            "route.3410343387.egress_only_gateway_id": "",
                            "route.3410343387.gateway_id": "",
                            "route.3410343387.instance_id": "",
                            "route.3410343387.ipv6_cidr_block": "",
                            "route.3410343387.nat_gateway_id": "",
                            "route.3410343387.network_interface_id": "",
                            "route.3410343387.vpc_peering_connection_id": "pcx-b810a3d1",
                            "route.3578854142.cidr_block": "10.126.176.0/20",
                            "route.3578854142.egress_only_gateway_id": "",
                            "route.3578854142.gateway_id": "",
                            "route.3578854142.instance_id": "",
                            "route.3578854142.ipv6_cidr_block": "",
                            "route.3578854142.nat_gateway_id": "",
                            "route.3578854142.network_interface_id": "",
                            "route.3578854142.vpc_peering_connection_id": "pcx-4b219822",
                            "route.4204238312.cidr_block": "0.0.0.0/0",
                            "route.4204238312.egress_only_gateway_id": "",
                            "route.4204238312.gateway_id": "igw-f97e8a9d",
                            "route.4204238312.instance_id": "",
                            "route.4204238312.ipv6_cidr_block": "",
                            "route.4204238312.nat_gateway_id": "",
                            "route.4204238312.network_interface_id": "",
                            "route.4204238312.vpc_peering_connection_id": "",
                            "tags.%": "5",
                            "tags.Name": "infra-pipeline-public-routetable",
                            "tags.account_name": "jive-infra-pipeline",
                            "tags.pipeline_phase": "infra-pipeline",
                            "tags.region": "us-west-2",
                            "tags.sla": "non-prod",
                            "vpc_id": "vpc-1f7b3d7b"
                        },
                        "meta": {},
                        "tainted": false
                    },
                    "deposed": [],
                    "provider": ""
                },
                "aws_route_table_association.natdc.0": {
                    "type": "aws_route_table_association",
                    "depends_on": [
                        "aws_route_table.natdc",
                        "aws_subnet.natdc"
                    ],
                    "primary": {
                        "id": "rtbassoc-9a46fffd",
                        "attributes": {
                            "id": "rtbassoc-9a46fffd",
                            "route_table_id": "rtb-5ac9f93e",
                            "subnet_id": "subnet-f4b7c090"
                        },
                        "meta": {},
                        "tainted": false
                    },
                    "deposed": [],
                    "provider": ""
                },
                "aws_route_table_association.natdc.1": {
                    "type": "aws_route_table_association",
                    "depends_on": [
                        "aws_route_table.natdc",
                        "aws_subnet.natdc"
                    ],
                    "primary": {
                        "id": "rtbassoc-b548a1cc",
                        "attributes": {
                            "id": "rtbassoc-b548a1cc",
                            "route_table_id": "rtb-c09155a6",
                            "subnet_id": "subnet-f97fa8a1"
                        },
                        "meta": {},
                        "tainted": false
                    },
                    "deposed": [],
                    "provider": ""
                },
                "aws_route_table_association.natdc.2": {
                    "type": "aws_route_table_association",
                    "depends_on": [
                        "aws_route_table.natdc",
                        "aws_subnet.natdc"
                    ],
                    "primary": {
                        "id": "rtbassoc-f6779e8f",
                        "attributes": {
                            "id": "rtbassoc-f6779e8f",
                            "route_table_id": "rtb-0c92566a",
                            "subnet_id": "subnet-60860816"
                        },
                        "meta": {},
                        "tainted": false
                    },
                    "deposed": [],
                    "provider": ""
                },
                "aws_route_table_association.private.0": {
                    "type": "aws_route_table_association",
                    "depends_on": [
                        "aws_route_table.private",
                        "aws_subnet.private"
                    ],
                    "primary": {
                        "id": "rtbassoc-0347fe64",
                        "attributes": {
                            "id": "rtbassoc-0347fe64",
                            "route_table_id": "rtb-13c8f877",
                            "subnet_id": "subnet-61860817"
                        },
                        "meta": {},
                        "tainted": false
                    },
                    "deposed": [],
                    "provider": ""
                },
                "aws_route_table_association.private.1": {
                    "type": "aws_route_table_association",
                    "depends_on": [
                        "aws_route_table.private",
                        "aws_subnet.private"
                    ],
                    "primary": {
                        "id": "rtbassoc-0447fe63",
                        "attributes": {
                            "id": "rtbassoc-0447fe63",
                            "route_table_id": "rtb-13c8f877",
                            "subnet_id": "subnet-ebb7c08f"
                        },
                        "meta": {},
                        "tainted": false
                    },
                    "deposed": [],
                    "provider": ""
                },
                "aws_route_table_association.private.2": {
                    "type": "aws_route_table_association",
                    "depends_on": [
                        "aws_route_table.private",
                        "aws_subnet.private"
                    ],
                    "primary": {
                        "id": "rtbassoc-0547fe62",
                        "attributes": {
                            "id": "rtbassoc-0547fe62",
                            "route_table_id": "rtb-13c8f877",
                            "subnet_id": "subnet-fa7fa8a2"
                        },
                        "meta": {},
                        "tainted": false
                    },
                    "deposed": [],
                    "provider": ""
                },
                "aws_route_table_association.public.0": {
                    "type": "aws_route_table_association",
                    "depends_on": [
                        "aws_route_table.public",
                        "aws_subnet.public"
                    ],
                    "primary": {
                        "id": "rtbassoc-0147fe66",
                        "attributes": {
                            "id": "rtbassoc-0147fe66",
                            "route_table_id": "rtb-1ec8f87a",
                            "subnet_id": "subnet-6f860819"
                        },
                        "meta": {},
                        "tainted": false
                    },
                    "deposed": [],
                    "provider": ""
                },
                "aws_route_table_association.public.1": {
                    "type": "aws_route_table_association",
                    "depends_on": [
                        "aws_route_table.public",
                        "aws_subnet.public"
                    ],
                    "primary": {
                        "id": "rtbassoc-0047fe67",
                        "attributes": {
                            "id": "rtbassoc-0047fe67",
                            "route_table_id": "rtb-1ec8f87a",
                            "subnet_id": "subnet-eab7c08e"
                        },
                        "meta": {},
                        "tainted": false
                    },
                    "deposed": [],
                    "provider": ""
                },
                "aws_route_table_association.public.2": {
                    "type": "aws_route_table_association",
                    "depends_on": [
                        "aws_route_table.public",
                        "aws_subnet.public"
                    ],
                    "primary": {
                        "id": "rtbassoc-0247fe65",
                        "attributes": {
                            "id": "rtbassoc-0247fe65",
                            "route_table_id": "rtb-1ec8f87a",
                            "subnet_id": "subnet-fc7fa8a4"
                        },
                        "meta": {},
                        "tainted": false
                    },
                    "deposed": [],
                    "provider": ""
                },
                "aws_security_group.env_instance": {
                    "type": "aws_security_group",
                    "depends_on": [
                        "aws_vpc.main"
                    ],
                    "primary": {
                        "id": "sg-9f26b5e4",
                        "attributes": {
                            "description": "Empty SG for all instances within the evironment",
                            "egress.#": "0",
                            "id": "sg-9f26b5e4",
                            "ingress.#": "0",
                            "name": "infra-pipeline-instance",
                            "owner_id": "517449413234",
                            "tags.%": "5",
                            "tags.Name": "infra-pipeline-instance",
                            "tags.account_name": "jive-infra-pipeline",
                            "tags.pipeline_phase": "infra-pipeline",
                            "tags.region": "us-west-2",
                            "tags.sla": "non-prod",
                            "vpc_id": "vpc-1f7b3d7b"
                        },
                        "meta": {},
                        "tainted": false
                    },
                    "deposed": [],
                    "provider": ""
                },
                "aws_security_group.jive_phx_dc": {
                    "type": "aws_security_group",
                    "depends_on": [
                        "aws_vpc.main"
                    ],
                    "primary": {
                        "id": "sg-e5aade83",
                        "attributes": {
                            "description": "Allow SSH and Ping from CIDRs within Jive PHX Data Center",
                            "egress.#": "1",
                            "egress.482069346.cidr_blocks.#": "1",
                            "egress.482069346.cidr_blocks.0": "0.0.0.0/0",
                            "egress.482069346.from_port": "0",
                            "egress.482069346.ipv6_cidr_blocks.#": "0",
                            "egress.482069346.prefix_list_ids.#": "0",
                            "egress.482069346.protocol": "-1",
                            "egress.482069346.security_groups.#": "0",
                            "egress.482069346.self": "false",
                            "egress.482069346.to_port": "0",
                            "id": "sg-e5aade83",
                            "ingress.#": "2",
                            "ingress.179083333.cidr_blocks.#": "1",
                            "ingress.179083333.cidr_blocks.0": "10.0.0.0/8",
                            "ingress.179083333.from_port": "22",
                            "ingress.179083333.ipv6_cidr_blocks.#": "0",
                            "ingress.179083333.protocol": "tcp",
                            "ingress.179083333.security_groups.#": "0",
                            "ingress.179083333.self": "false",
                            "ingress.179083333.to_port": "22",
                            "ingress.3280021429.cidr_blocks.#": "1",
                            "ingress.3280021429.cidr_blocks.0": "10.0.0.0/8",
                            "ingress.3280021429.from_port": "8",
                            "ingress.3280021429.ipv6_cidr_blocks.#": "0",
                            "ingress.3280021429.protocol": "icmp",
                            "ingress.3280021429.security_groups.#": "0",
                            "ingress.3280021429.self": "false",
                            "ingress.3280021429.to_port": "0",
                            "name": "infra-pipeline-jive-phx-dc",
                            "owner_id": "517449413234",
                            "tags.%": "5",
                            "tags.Name": "infra-pipeline-jive-phx-dc",
                            "tags.account_name": "jive-infra-pipeline",
                            "tags.pipeline_phase": "infra-pipeline",
                            "tags.region": "us-west-2",
                            "tags.sla": "non-prod",
                            "vpc_id": "vpc-1f7b3d7b"
                        },
                        "meta": {},
                        "tainted": false
                    },
                    "deposed": [],
                    "provider": ""
                },
                "aws_subnet.natdc.0": {
                    "type": "aws_subnet",
                    "depends_on": [
                        "aws_vpc.main"
                    ],
                    "primary": {
                        "id": "subnet-60860816",
                        "attributes": {
                            "assign_ipv6_address_on_creation": "false",
                            "availability_zone": "us-west-2a",
                            "cidr_block": "10.127.63.0/27",
                            "id": "subnet-60860816",
                            "map_public_ip_on_launch": "false",
                            "tags.%": "5",
                            "tags.Name": "infra-pipeline-natdc-subnet",
                            "tags.account_name": "jive-infra-pipeline",
                            "tags.pipeline_phase": "infra-pipeline",
                            "tags.region": "us-west-2",
                            "tags.sla": "non-prod",
                            "vpc_id": "vpc-1f7b3d7b"
                        },
                        "meta": {},
                        "tainted": false
                    },
                    "deposed": [],
                    "provider": ""
                },
                "aws_subnet.natdc.1": {
                    "type": "aws_subnet",
                    "depends_on": [
                        "aws_vpc.main"
                    ],
                    "primary": {
                        "id": "subnet-f4b7c090",
                        "attributes": {
                            "assign_ipv6_address_on_creation": "false",
                            "availability_zone": "us-west-2b",
                            "cidr_block": "10.127.63.32/27",
                            "id": "subnet-f4b7c090",
                            "map_public_ip_on_launch": "false",
                            "tags.%": "5",
                            "tags.Name": "infra-pipeline-natdc-subnet",
                            "tags.account_name": "jive-infra-pipeline",
                            "tags.pipeline_phase": "infra-pipeline",
                            "tags.region": "us-west-2",
                            "tags.sla": "non-prod",
                            "vpc_id": "vpc-1f7b3d7b"
                        },
                        "meta": {},
                        "tainted": false
                    },
                    "deposed": [],
                    "provider": ""
                },
                "aws_subnet.natdc.2": {
                    "type": "aws_subnet",
                    "depends_on": [
                        "aws_vpc.main"
                    ],
                    "primary": {
                        "id": "subnet-f97fa8a1",
                        "attributes": {
                            "assign_ipv6_address_on_creation": "false",
                            "availability_zone": "us-west-2c",
                            "cidr_block": "10.127.63.64/27",
                            "id": "subnet-f97fa8a1",
                            "map_public_ip_on_launch": "false",
                            "tags.%": "5",
                            "tags.Name": "infra-pipeline-natdc-subnet",
                            "tags.account_name": "jive-infra-pipeline",
                            "tags.pipeline_phase": "infra-pipeline",
                            "tags.region": "us-west-2",
                            "tags.sla": "non-prod",
                            "vpc_id": "vpc-1f7b3d7b"
                        },
                        "meta": {},
                        "tainted": false
                    },
                    "deposed": [],
                    "provider": ""
                },
                "aws_subnet.private.0": {
                    "type": "aws_subnet",
                    "depends_on": [
                        "aws_vpc.main"
                    ],
                    "primary": {
                        "id": "subnet-61860817",
                        "attributes": {
                            "assign_ipv6_address_on_creation": "false",
                            "availability_zone": "us-west-2a",
                            "cidr_block": "10.127.63.192/28",
                            "id": "subnet-61860817",
                            "map_public_ip_on_launch": "false",
                            "tags.%": "5",
                            "tags.Name": "infra-pipeline-private-subnet",
                            "tags.account_name": "jive-infra-pipeline",
                            "tags.pipeline_phase": "infra-pipeline",
                            "tags.region": "us-west-2",
                            "tags.sla": "non-prod",
                            "vpc_id": "vpc-1f7b3d7b"
                        },
                        "meta": {},
                        "tainted": false
                    },
                    "deposed": [],
                    "provider": ""
                },
                "aws_subnet.private.1": {
                    "type": "aws_subnet",
                    "depends_on": [
                        "aws_vpc.main"
                    ],
                    "primary": {
                        "id": "subnet-ebb7c08f",
                        "attributes": {
                            "assign_ipv6_address_on_creation": "false",
                            "availability_zone": "us-west-2b",
                            "cidr_block": "10.127.63.208/28",
                            "id": "subnet-ebb7c08f",
                            "map_public_ip_on_launch": "false",
                            "tags.%": "5",
                            "tags.Name": "infra-pipeline-private-subnet",
                            "tags.account_name": "jive-infra-pipeline",
                            "tags.pipeline_phase": "infra-pipeline",
                            "tags.region": "us-west-2",
                            "tags.sla": "non-prod",
                            "vpc_id": "vpc-1f7b3d7b"
                        },
                        "meta": {},
                        "tainted": false
                    },
                    "deposed": [],
                    "provider": ""
                },
                "aws_subnet.private.2": {
                    "type": "aws_subnet",
                    "depends_on": [
                        "aws_vpc.main"
                    ],
                    "primary": {
                        "id": "subnet-fa7fa8a2",
                        "attributes": {
                            "assign_ipv6_address_on_creation": "false",
                            "availability_zone": "us-west-2c",
                            "cidr_block": "10.127.63.224/28",
                            "id": "subnet-fa7fa8a2",
                            "map_public_ip_on_launch": "false",
                            "tags.%": "5",
                            "tags.Name": "infra-pipeline-private-subnet",
                            "tags.account_name": "jive-infra-pipeline",
                            "tags.pipeline_phase": "infra-pipeline",
                            "tags.region": "us-west-2",
                            "tags.sla": "non-prod",
                            "vpc_id": "vpc-1f7b3d7b"
                        },
                        "meta": {},
                        "tainted": false
                    },
                    "deposed": [],
                    "provider": ""
                },
                "aws_subnet.public.0": {
                    "type": "aws_subnet",
                    "depends_on": [
                        "aws_vpc.main"
                    ],
                    "primary": {
                        "id": "subnet-6f860819",
                        "attributes": {
                            "assign_ipv6_address_on_creation": "false",
                            "availability_zone": "us-west-2a",
                            "cidr_block": "10.127.63.96/27",
                            "id": "subnet-6f860819",
                            "map_public_ip_on_launch": "false",
                            "tags.%": "5",
                            "tags.Name": "infra-pipeline-public-subnet",
                            "tags.account_name": "jive-infra-pipeline",
                            "tags.pipeline_phase": "infra-pipeline",
                            "tags.region": "us-west-2",
                            "tags.sla": "non-prod",
                            "vpc_id": "vpc-1f7b3d7b"
                        },
                        "meta": {},
                        "tainted": false
                    },
                    "deposed": [],
                    "provider": ""
                },
                "aws_subnet.public.1": {
                    "type": "aws_subnet",
                    "depends_on": [
                        "aws_vpc.main"
                    ],
                    "primary": {
                        "id": "subnet-eab7c08e",
                        "attributes": {
                            "assign_ipv6_address_on_creation": "false",
                            "availability_zone": "us-west-2b",
                            "cidr_block": "10.127.63.128/27",
                            "id": "subnet-eab7c08e",
                            "map_public_ip_on_launch": "false",
                            "tags.%": "5",
                            "tags.Name": "infra-pipeline-public-subnet",
                            "tags.account_name": "jive-infra-pipeline",
                            "tags.pipeline_phase": "infra-pipeline",
                            "tags.region": "us-west-2",
                            "tags.sla": "non-prod",
                            "vpc_id": "vpc-1f7b3d7b"
                        },
                        "meta": {},
                        "tainted": false
                    },
                    "deposed": [],
                    "provider": ""
                },
                "aws_subnet.public.2": {
                    "type": "aws_subnet",
                    "depends_on": [
                        "aws_vpc.main"
                    ],
                    "primary": {
                        "id": "subnet-fc7fa8a4",
                        "attributes": {
                            "assign_ipv6_address_on_creation": "false",
                            "availability_zone": "us-west-2c",
                            "cidr_block": "10.127.63.160/27",
                            "id": "subnet-fc7fa8a4",
                            "map_public_ip_on_launch": "false",
                            "tags.%": "5",
                            "tags.Name": "infra-pipeline-public-subnet",
                            "tags.account_name": "jive-infra-pipeline",
                            "tags.pipeline_phase": "infra-pipeline",
                            "tags.region": "us-west-2",
                            "tags.sla": "non-prod",
                            "vpc_id": "vpc-1f7b3d7b"
                        },
                        "meta": {},
                        "tainted": false
                    },
                    "deposed": [],
                    "provider": ""
                },
                "aws_vpc.main": {
                    "type": "aws_vpc",
                    "depends_on": [],
                    "primary": {
                        "id": "vpc-1f7b3d7b",
                        "attributes": {
                            "assign_generated_ipv6_cidr_block": "false",
                            "cidr_block": "10.127.63.0/24",
                            "default_network_acl_id": "acl-14a8f670",
                            "default_route_table_id": "rtb-16c8f872",
                            "default_security_group_id": "sg-1aaade7c",
                            "dhcp_options_id": "dopt-bcf914d8",
                            "enable_classiclink": "false",
                            "enable_dns_hostnames": "true",
                            "enable_dns_support": "true",
                            "id": "vpc-1f7b3d7b",
                            "instance_tenancy": "default",
                            "main_route_table_id": "rtb-16c8f872",
                            "tags.%": "5",
                            "tags.Name": "infra-pipeline-vpc",
                            "tags.account_name": "jive-infra-pipeline",
                            "tags.pipeline_phase": "infra-pipeline",
                            "tags.region": "us-west-2",
                            "tags.sla": "non-prod"
                        },
                        "meta": {
                            "schema_version": "1"
                        },
                        "tainted": false
                    },
                    "deposed": [],
                    "provider": ""
                },
                "aws_vpn_gateway.vgw": {
                    "type": "aws_vpn_gateway",
                    "depends_on": [
                        "aws_vpc.main"
                    ],
                    "primary": {
                        "id": "vgw-3511c82b",
                        "attributes": {
                            "availability_zone": "",
                            "id": "vgw-3511c82b",
                            "tags.%": "7",
                            "tags.Name": "infra-pipeline-vgw",
                            "tags.account_name": "jive-infra-pipeline",
                            "tags.jive_service": "infrastructure",
                            "tags.pipeline_phase": "infra-pipeline",
                            "tags.region": "us-west-2",
                            "tags.service_component": "vpn_gateway",
                            "tags.sla": "non-prod",
                            "vpc_id": "vpc-1f7b3d7b"
                        },
                        "meta": {},
                        "tainted": false
                    },
                    "deposed": [],
                    "provider": ""
                },
                "data.template_file.bastion_user_data": {
                    "type": "template_file",
                    "depends_on": [
                        "aws_network_interface.bastion"
                    ],
                    "primary": {
                        "id": "02070eff58fa315fb2b921f270638f55146a36c7fe1c58b6661395f720eb54e2",
                        "attributes": {
                            "id": "02070eff58fa315fb2b921f270638f55146a36c7fe1c58b6661395f720eb54e2",
                            "rendered": "#!/bin/bash\n\ndeclare -r instance_id=$(curl -s http://169.254.169.254/latest/meta-data/instance-id)\ndeclare -r bi=10.127.63.7\ndeclare -r bastion_gw=\"${bi%.*}.1\"\n\nfunction_prep() {\n    # Get pip for awscli\n    yum install -y epel-release\n    yum install -y python-pip\n    pip install awscli\n}\n\nfunction_eni() {\n    # Attached the ENI to the Bastion instance\n    /usr/bin/aws ec2 attach-network-interface   --region us-west-2 \\\n                                                --network-interface-id eni-6726122b \\\n                                                --instance-id $instance_id \\\n                                                --device-index 1\n\n    # Give the ENI some time to get an IP and attach correctly\n    sleep 30\n}\n\nfunction_network() {\n    # Make eth1 the default route, set eth0 off, and set eth1 on, then restart the network\n    cat \u003c\u003cEOF \u003e /etc/sysconfig/network\nNETWORKING=yes\nNOZEROCONF=yes\nGATEWAY=$bastion_gw\nGATEWAYDEV=eth1\nEOF\n\n    cat \u003c\u003cEOF \u003e /etc/sysconfig/network-scripts/ifcfg-eth0\nDEVICE=\"eth0\"\nONBOOT=\"no\"\nEOF\n\n    cat \u003c\u003cEOF \u003e /etc/sysconfig/network-scripts/ifcfg-eth1\nDEVICE=eth1\nBOOTPROTO=static\nDHCPCLASS=\nIPADDR=10.127.63.7\nNETMASK=255.255.255.224\nONBOOT=yes\nEOF\n\n    systemctl restart network\n}\n\nfunction_nexus() {\n    # URL redirect fails without this entry\n    echo \"10.10.100.155 nexus-int.eng.jiveland.com\" \u003e\u003e /etc/hosts\n\n    # Script to download Ansible artifact from Nexus\n    cat \u003c\u003c'EOF' \u003e /tmp/get_nexus_artifact.sh\n#!/bin/bash\n# Argument = -h -v -i groupId:artifactId:version -c classifier -p packaging -r repository\n\n# Define Nexus Configuration\nNEXUS_BASE=nexus-int.eng.jiveland.com\nREST_PATH=/service/local\nART_REDIR=/artifact/maven/redirect\n\n# Read in Complete Set of Coordinates from the Command Line\nGROUP_ID=\nARTIFACT_ID=\nVERSION=\"LATEST\"\nCLASSIFIER=\"\"\nPACKAGING=tar.gz\nREPO=\"candidates\"\nVERBOSE=0\n\nwhile getopts \"hvi:c:p:\" OPTION\ndo\n     case $OPTION in\n         h)\n             usage\n             exit 1\n             ;;\n         i)\n\t     OIFS=$IFS\n             IFS=\":\"\n\t     GAV_COORD=( $OPTARG )\n\t     GROUP_ID=${GAV_COORD[0]}\n             ARTIFACT_ID=${GAV_COORD[1]}\n             VERSION=${GAV_COORD[2]}\n\t     IFS=$OIFS\n             ;;\n         c)\n             CLASSIFIER=$OPTARG\n             ;;\n         p)\n             PACKAGING=$OPTARG\n             ;;\n         v)\n             VERBOSE=1\n             ;;\n         ?)\n             usage\n             exit\n             ;;\n     esac\ndone\n\nif [[ -z $GROUP_ID ]] || [[ -z $ARTIFACT_ID ]] || [[ -z $VERSION ]]\nthen\n     echo \"BAD ARGUMENTS: Either groupId, artifactId, or version was not supplied\" \u003e\u00262\n     usage\n     exit 1\nfi\n\n# Construct the base URL\nREDIRECT_URL=${NEXUS_BASE}${REST_PATH}${ART_REDIR}\n\n# Generate the list of parameters\nPARAM_KEYS=( g a v r p c )\nPARAM_VALUES=( $GROUP_ID $ARTIFACT_ID $VERSION $REPO $PACKAGING $CLASSIFIER )\nPARAMS=\"\"\nfor index in ${!PARAM_KEYS[*]}\ndo\n  if [[ ${PARAM_VALUES[$index]} != \"\" ]]\n  then\n    PARAMS=\"${PARAMS}${PARAM_KEYS[$index]}=${PARAM_VALUES[$index]}\u0026\"\n  fi\ndone\n\nREDIRECT_URL=\"${REDIRECT_URL}?${PARAMS}\"\n\necho \"Fetching Artifact from $REDIRECT_URL...\" \u003e\u00262\ncurl -sS -L ${REDIRECT_URL}\nEOF\n    # Run script to download latest Ansible artifact and unpack\n    chmod +x /tmp/get_nexus_artifact.sh\n    /tmp/get_nexus_artifact.sh -i com.jivesoftware.techops:ansible-common:LATEST \u003e /tmp/ansible-common.tar.gz\n}\n\nfunction_ansible() {\n    # Need Sudo TTY\n    sed -i s/'Defaults    requiretty'/'#Defaults    requiretty'/ /etc/sudoers\n    # Disable SELINUX for SSSD\n    sed -i 's/^SELINUX=.*/SELINUX=disabled/' /etc/selinux/config\n    # Create Ansible working directories\n    mkdir -p /tmp/ansible-common\n    tar xf /tmp/ansible-common.tar.gz -C /tmp/ansible-common/\n    # Set Python to 2.6 and run Ansible locally\n    alternatives --set python /usr/bin/python2.6\n    yum install -y python-boto ansible\n\n    # Run Ansible\n    /tmp/ansible-common/bin/run_ansible.sh /tmp/ansible-common/playbook-bastion.yml -e region=us-west-2 --connection=local -i /tmp/ansible-common/inventory_ec2/ \u003e\u003e /tmp/ansible-common/ansible_debug.log\n\n    # Change permissions on Ansible artifact so that ansible deploy pipeline\n    # can overwrite them in the future\n    chown -R ansible:service-users /tmp/ansible-common /tmp/ansible-common.tar.gz\n}\n\nfunction_restart() {\n    # Need to restart for SELINUX change.\n    shutdown -r now\n}\n\n# Run the things\nfunction_prep\nfunction_eni\nfunction_network\nfunction_nexus\nfunction_ansible\nfunction_restart\n",
                            "template": "#!/bin/bash\n\ndeclare -r instance_id=$(curl -s http://169.254.169.254/latest/meta-data/instance-id)\ndeclare -r bi=${bastion_ip}\ndeclare -r bastion_gw=\"$${bi%.*}.1\"\n\nfunction_prep() {\n    # Get pip for awscli\n    yum install -y epel-release\n    yum install -y python-pip\n    pip install awscli\n}\n\nfunction_eni() {\n    # Attached the ENI to the Bastion instance\n    /usr/bin/aws ec2 attach-network-interface   --region ${region} \\\n                                                --network-interface-id ${eni} \\\n                                                --instance-id $instance_id \\\n                                                --device-index 1\n\n    # Give the ENI some time to get an IP and attach correctly\n    sleep 30\n}\n\nfunction_network() {\n    # Make eth1 the default route, set eth0 off, and set eth1 on, then restart the network\n    cat \u003c\u003cEOF \u003e /etc/sysconfig/network\nNETWORKING=yes\nNOZEROCONF=yes\nGATEWAY=$bastion_gw\nGATEWAYDEV=eth1\nEOF\n\n    cat \u003c\u003cEOF \u003e /etc/sysconfig/network-scripts/ifcfg-eth0\nDEVICE=\"eth0\"\nONBOOT=\"no\"\nEOF\n\n    cat \u003c\u003cEOF \u003e /etc/sysconfig/network-scripts/ifcfg-eth1\nDEVICE=eth1\nBOOTPROTO=static\nDHCPCLASS=\nIPADDR=${bastion_ip}\nNETMASK=255.255.255.224\nONBOOT=yes\nEOF\n\n    systemctl restart network\n}\n\nfunction_nexus() {\n    # URL redirect fails without this entry\n    echo \"10.10.100.155 nexus-int.eng.jiveland.com\" \u003e\u003e /etc/hosts\n\n    # Script to download Ansible artifact from Nexus\n    cat \u003c\u003c'EOF' \u003e /tmp/get_nexus_artifact.sh\n#!/bin/bash\n# Argument = -h -v -i groupId:artifactId:version -c classifier -p packaging -r repository\n\n# Define Nexus Configuration\nNEXUS_BASE=nexus-int.eng.jiveland.com\nREST_PATH=/service/local\nART_REDIR=/artifact/maven/redirect\n\n# Read in Complete Set of Coordinates from the Command Line\nGROUP_ID=\nARTIFACT_ID=\nVERSION=\"LATEST\"\nCLASSIFIER=\"\"\nPACKAGING=tar.gz\nREPO=\"candidates\"\nVERBOSE=0\n\nwhile getopts \"hvi:c:p:\" OPTION\ndo\n     case $OPTION in\n         h)\n             usage\n             exit 1\n             ;;\n         i)\n\t     OIFS=$IFS\n             IFS=\":\"\n\t     GAV_COORD=( $OPTARG )\n\t     GROUP_ID=$${GAV_COORD[0]}\n             ARTIFACT_ID=$${GAV_COORD[1]}\n             VERSION=$${GAV_COORD[2]}\n\t     IFS=$OIFS\n             ;;\n         c)\n             CLASSIFIER=$OPTARG\n             ;;\n         p)\n             PACKAGING=$OPTARG\n             ;;\n         v)\n             VERBOSE=1\n             ;;\n         ?)\n             usage\n             exit\n             ;;\n     esac\ndone\n\nif [[ -z $GROUP_ID ]] || [[ -z $ARTIFACT_ID ]] || [[ -z $VERSION ]]\nthen\n     echo \"BAD ARGUMENTS: Either groupId, artifactId, or version was not supplied\" \u003e\u00262\n     usage\n     exit 1\nfi\n\n# Construct the base URL\nREDIRECT_URL=$${NEXUS_BASE}$${REST_PATH}$${ART_REDIR}\n\n# Generate the list of parameters\nPARAM_KEYS=( g a v r p c )\nPARAM_VALUES=( $GROUP_ID $ARTIFACT_ID $VERSION $REPO $PACKAGING $CLASSIFIER )\nPARAMS=\"\"\nfor index in $${!PARAM_KEYS[*]}\ndo\n  if [[ $${PARAM_VALUES[$index]} != \"\" ]]\n  then\n    PARAMS=\"$${PARAMS}$${PARAM_KEYS[$index]}=$${PARAM_VALUES[$index]}\u0026\"\n  fi\ndone\n\nREDIRECT_URL=\"$${REDIRECT_URL}?$${PARAMS}\"\n\necho \"Fetching Artifact from $REDIRECT_URL...\" \u003e\u00262\ncurl -sS -L $${REDIRECT_URL}\nEOF\n    # Run script to download latest Ansible artifact and unpack\n    chmod +x /tmp/get_nexus_artifact.sh\n    /tmp/get_nexus_artifact.sh -i com.jivesoftware.techops:ansible-common:LATEST \u003e /tmp/ansible-common.tar.gz\n}\n\nfunction_ansible() {\n    # Need Sudo TTY\n    sed -i s/'Defaults    requiretty'/'#Defaults    requiretty'/ /etc/sudoers\n    # Disable SELINUX for SSSD\n    sed -i 's/^SELINUX=.*/SELINUX=disabled/' /etc/selinux/config\n    # Create Ansible working directories\n    mkdir -p /tmp/ansible-common\n    tar xf /tmp/ansible-common.tar.gz -C /tmp/ansible-common/\n    # Set Python to 2.6 and run Ansible locally\n    alternatives --set python /usr/bin/python2.6\n    yum install -y python-boto ansible\n\n    # Run Ansible\n    /tmp/ansible-common/bin/run_ansible.sh /tmp/ansible-common/playbook-bastion.yml -e region=${region} --connection=local -i /tmp/ansible-common/inventory_ec2/ \u003e\u003e /tmp/ansible-common/ansible_debug.log\n\n    # Change permissions on Ansible artifact so that ansible deploy pipeline\n    # can overwrite them in the future\n    chown -R ansible:service-users /tmp/ansible-common /tmp/ansible-common.tar.gz\n}\n\nfunction_restart() {\n    # Need to restart for SELINUX change.\n    shutdown -r now\n}\n\n# Run the things\nfunction_prep\nfunction_eni\nfunction_network\nfunction_nexus\nfunction_ansible\nfunction_restart\n",
                            "vars.%": "5",
                            "vars.account_name": "jive-infra-pipeline",
                            "vars.bastion_ip": "10.127.63.7",
                            "vars.eni": "eni-6726122b",
                            "vars.pipeline_phase": "infra-pipeline",
                            "vars.region": "us-west-2"
                        },
                        "meta": {},
                        "tainted": false
                    },
                    "deposed": [],
                    "provider": ""
                }
            },
            "depends_on": []
        }
    ]
}
