{
    "version": 3,
    "terraform_version": "0.9.2",
    "serial": 16,
    "lineage": "50b6fdff-3364-4777-908e-8dfc05fd952a",
    "modules": [
        {
            "path": [
                "root"
            ],
            "outputs": {},
            "resources": {
                "aws_db_subnet_group.dbaas": {
                    "type": "aws_db_subnet_group",
                    "depends_on": [
                        "aws_subnet.natdc"
                    ],
                    "primary": {
                        "id": "data-dbaas-ms-prod-group",
                        "attributes": {
                            "arn": "arn:aws:rds:us-west-2:663559125979:subgrp:data-dbaas-ms-prod-group",
                            "description": "Managed by Horizon",
                            "id": "data-dbaas-ms-prod-group",
                            "name": "data-dbaas-ms-prod-group",
                            "subnet_ids.#": "3",
                            "subnet_ids.2744802398": "subnet-0596a361",
                            "subnet_ids.2963790960": "subnet-6a75f632",
                            "subnet_ids.3673496457": "subnet-4e6c2038",
                            "tags.%": "7",
                            "tags.Name": "data-dbaas2-ms-prod-group",
                            "tags.account_name": "jive-microservices-prod",
                            "tags.jive_service": "microservices",
                            "tags.pipeline_phase": "prod",
                            "tags.region": "us-west-2",
                            "tags.service_component": "microservices-dbaas",
                            "tags.sla": "prod"
                        },
                        "meta": {},
                        "tainted": false
                    },
                    "deposed": [],
                    "provider": ""
                },
                "aws_eip.natgw.0": {
                    "type": "aws_eip",
                    "depends_on": [],
                    "primary": {
                        "id": "eipalloc-2906a24e",
                        "attributes": {
                            "association_id": "eipassoc-5d4e3367",
                            "domain": "vpc",
                            "id": "eipalloc-2906a24e",
                            "instance": "",
                            "network_interface": "eni-5b063161",
                            "private_ip": "10.124.108.81",
                            "public_ip": "52.43.36.169",
                            "vpc": "true"
                        },
                        "meta": {},
                        "tainted": false
                    },
                    "deposed": [],
                    "provider": ""
                },
                "aws_eip.natgw.1": {
                    "type": "aws_eip",
                    "depends_on": [],
                    "primary": {
                        "id": "eipalloc-fa31a8c0",
                        "attributes": {
                            "association_id": "eipassoc-68483552",
                            "domain": "vpc",
                            "id": "eipalloc-fa31a8c0",
                            "instance": "",
                            "network_interface": "eni-3c342314",
                            "private_ip": "10.124.108.144",
                            "public_ip": "34.208.229.219",
                            "vpc": "true"
                        },
                        "meta": {},
                        "tainted": false
                    },
                    "deposed": [],
                    "provider": ""
                },
                "aws_eip.natgw.2": {
                    "type": "aws_eip",
                    "depends_on": [],
                    "primary": {
                        "id": "eipalloc-a53ea79f",
                        "attributes": {
                            "association_id": "eipassoc-be4a3784",
                            "domain": "vpc",
                            "id": "eipalloc-a53ea79f",
                            "instance": "",
                            "network_interface": "eni-a61154aa",
                            "private_ip": "10.124.109.121",
                            "public_ip": "35.164.131.148",
                            "vpc": "true"
                        },
                        "meta": {},
                        "tainted": false
                    },
                    "deposed": [],
                    "provider": ""
                },
                "aws_internet_gateway.igw": {
                    "type": "aws_internet_gateway",
                    "depends_on": [
                        "aws_vpc.main"
                    ],
                    "primary": {
                        "id": "igw-965bfaf2",
                        "attributes": {
                            "id": "igw-965bfaf2",
                            "tags.%": "5",
                            "tags.Name": "prod-igw",
                            "tags.account_name": "jive-microservices-prod",
                            "tags.pipeline_phase": "prod",
                            "tags.region": "us-west-2",
                            "tags.sla": "prod",
                            "vpc_id": "vpc-ddd0d3b9"
                        },
                        "meta": {},
                        "tainted": false
                    },
                    "deposed": [],
                    "provider": ""
                },
                "aws_nat_gateway.natgw.0": {
                    "type": "aws_nat_gateway",
                    "depends_on": [
                        "aws_eip.natgw.*",
                        "aws_internet_gateway.igw",
                        "aws_subnet.public.*"
                    ],
                    "primary": {
                        "id": "nat-003544dcb413422ff",
                        "attributes": {
                            "allocation_id": "eipalloc-2906a24e",
                            "id": "nat-003544dcb413422ff",
                            "network_interface_id": "eni-5b063161",
                            "private_ip": "10.124.108.81",
                            "public_ip": "52.43.36.169",
                            "subnet_id": "subnet-4f6c2039"
                        },
                        "meta": {},
                        "tainted": false
                    },
                    "deposed": [],
                    "provider": ""
                },
                "aws_nat_gateway.natgw.1": {
                    "type": "aws_nat_gateway",
                    "depends_on": [
                        "aws_eip.natgw.*",
                        "aws_internet_gateway.igw",
                        "aws_subnet.public.*"
                    ],
                    "primary": {
                        "id": "nat-0bf04b4cb610c34fa",
                        "attributes": {
                            "allocation_id": "eipalloc-fa31a8c0",
                            "id": "nat-0bf04b4cb610c34fa",
                            "network_interface_id": "eni-3c342314",
                            "private_ip": "10.124.108.144",
                            "public_ip": "34.208.229.219",
                            "subnet_id": "subnet-0696a362"
                        },
                        "meta": {},
                        "tainted": false
                    },
                    "deposed": [],
                    "provider": ""
                },
                "aws_nat_gateway.natgw.2": {
                    "type": "aws_nat_gateway",
                    "depends_on": [
                        "aws_eip.natgw.*",
                        "aws_internet_gateway.igw",
                        "aws_subnet.public.*"
                    ],
                    "primary": {
                        "id": "nat-0ad26aa236a9e8673",
                        "attributes": {
                            "allocation_id": "eipalloc-a53ea79f",
                            "id": "nat-0ad26aa236a9e8673",
                            "network_interface_id": "eni-a61154aa",
                            "private_ip": "10.124.109.121",
                            "public_ip": "35.164.131.148",
                            "subnet_id": "subnet-6c75f634"
                        },
                        "meta": {},
                        "tainted": false
                    },
                    "deposed": [],
                    "provider": ""
                },
                "aws_route.bastion_natdc.0": {
                    "type": "aws_route",
                    "depends_on": [
                        "aws_route_table.natdc.*",
                        "aws_vpc_peering_connection.infra"
                    ],
                    "primary": {
                        "id": "r-rtb-5fb573381700601093",
                        "attributes": {
                            "destination_cidr_block": "10.127.36.7/32",
                            "destination_prefix_list_id": "",
                            "egress_only_gateway_id": "",
                            "gateway_id": "",
                            "id": "r-rtb-5fb573381700601093",
                            "instance_id": "",
                            "instance_owner_id": "",
                            "nat_gateway_id": "",
                            "network_interface_id": "",
                            "origin": "CreateRoute",
                            "route_table_id": "rtb-5fb57338",
                            "state": "active",
                            "vpc_peering_connection_id": "pcx-f0a21c99"
                        },
                        "meta": {},
                        "tainted": false
                    },
                    "deposed": [],
                    "provider": ""
                },
                "aws_route.bastion_natdc.1": {
                    "type": "aws_route",
                    "depends_on": [
                        "aws_route_table.natdc.*",
                        "aws_vpc_peering_connection.infra"
                    ],
                    "primary": {
                        "id": "r-rtb-32c31c541700601093",
                        "attributes": {
                            "destination_cidr_block": "10.127.36.7/32",
                            "destination_prefix_list_id": "",
                            "egress_only_gateway_id": "",
                            "gateway_id": "",
                            "id": "r-rtb-32c31c541700601093",
                            "instance_id": "",
                            "instance_owner_id": "",
                            "nat_gateway_id": "",
                            "network_interface_id": "",
                            "origin": "CreateRoute",
                            "route_table_id": "rtb-32c31c54",
                            "state": "active",
                            "vpc_peering_connection_id": "pcx-f0a21c99"
                        },
                        "meta": {},
                        "tainted": false
                    },
                    "deposed": [],
                    "provider": ""
                },
                "aws_route.bastion_natdc.2": {
                    "type": "aws_route",
                    "depends_on": [
                        "aws_route_table.natdc.*",
                        "aws_vpc_peering_connection.infra"
                    ],
                    "primary": {
                        "id": "r-rtb-08c8176e1700601093",
                        "attributes": {
                            "destination_cidr_block": "10.127.36.7/32",
                            "destination_prefix_list_id": "",
                            "egress_only_gateway_id": "",
                            "gateway_id": "",
                            "id": "r-rtb-08c8176e1700601093",
                            "instance_id": "",
                            "instance_owner_id": "",
                            "nat_gateway_id": "",
                            "network_interface_id": "",
                            "origin": "CreateRoute",
                            "route_table_id": "rtb-08c8176e",
                            "state": "active",
                            "vpc_peering_connection_id": "pcx-f0a21c99"
                        },
                        "meta": {},
                        "tainted": false
                    },
                    "deposed": [],
                    "provider": ""
                },
                "aws_route.bastion_private": {
                    "type": "aws_route",
                    "depends_on": [
                        "aws_route_table.private",
                        "aws_vpc_peering_connection.infra"
                    ],
                    "primary": {
                        "id": "r-rtb-dbb472bc1700601093",
                        "attributes": {
                            "destination_cidr_block": "10.127.36.7/32",
                            "destination_prefix_list_id": "",
                            "egress_only_gateway_id": "",
                            "gateway_id": "",
                            "id": "r-rtb-dbb472bc1700601093",
                            "instance_id": "",
                            "instance_owner_id": "",
                            "nat_gateway_id": "",
                            "network_interface_id": "",
                            "origin": "CreateRoute",
                            "route_table_id": "rtb-dbb472bc",
                            "state": "active",
                            "vpc_peering_connection_id": "pcx-f0a21c99"
                        },
                        "meta": {},
                        "tainted": false
                    },
                    "deposed": [],
                    "provider": ""
                },
                "aws_route.bastion_public": {
                    "type": "aws_route",
                    "depends_on": [
                        "aws_route_table.public",
                        "aws_vpc_peering_connection.infra"
                    ],
                    "primary": {
                        "id": "r-rtb-a7b472c01700601093",
                        "attributes": {
                            "destination_cidr_block": "10.127.36.7/32",
                            "destination_prefix_list_id": "",
                            "egress_only_gateway_id": "",
                            "gateway_id": "",
                            "id": "r-rtb-a7b472c01700601093",
                            "instance_id": "",
                            "instance_owner_id": "",
                            "nat_gateway_id": "",
                            "network_interface_id": "",
                            "origin": "CreateRoute",
                            "route_table_id": "rtb-a7b472c0",
                            "state": "active",
                            "vpc_peering_connection_id": "pcx-f0a21c99"
                        },
                        "meta": {},
                        "tainted": false
                    },
                    "deposed": [],
                    "provider": ""
                },
                "aws_route.bikou_vpc_natdc.0": {
                    "type": "aws_route",
                    "depends_on": [
                        "aws_route_table.natdc.*",
                        "aws_vpc_peering_connection.bikou"
                    ],
                    "primary": {
                        "id": "r-rtb-5fb573384095544594",
                        "attributes": {
                            "destination_cidr_block": "10.121.0.0/16",
                            "destination_prefix_list_id": "",
                            "egress_only_gateway_id": "",
                            "gateway_id": "",
                            "id": "r-rtb-5fb573384095544594",
                            "instance_id": "",
                            "instance_owner_id": "",
                            "nat_gateway_id": "",
                            "network_interface_id": "",
                            "origin": "CreateRoute",
                            "route_table_id": "rtb-5fb57338",
                            "state": "active",
                            "vpc_peering_connection_id": "pcx-ab1991c2"
                        },
                        "meta": {},
                        "tainted": false
                    },
                    "deposed": [],
                    "provider": ""
                },
                "aws_route.bikou_vpc_natdc.1": {
                    "type": "aws_route",
                    "depends_on": [
                        "aws_route_table.natdc.*",
                        "aws_vpc_peering_connection.bikou"
                    ],
                    "primary": {
                        "id": "r-rtb-32c31c544095544594",
                        "attributes": {
                            "destination_cidr_block": "10.121.0.0/16",
                            "destination_prefix_list_id": "",
                            "egress_only_gateway_id": "",
                            "gateway_id": "",
                            "id": "r-rtb-32c31c544095544594",
                            "instance_id": "",
                            "instance_owner_id": "",
                            "nat_gateway_id": "",
                            "network_interface_id": "",
                            "origin": "CreateRoute",
                            "route_table_id": "rtb-32c31c54",
                            "state": "active",
                            "vpc_peering_connection_id": "pcx-ab1991c2"
                        },
                        "meta": {},
                        "tainted": false
                    },
                    "deposed": [],
                    "provider": ""
                },
                "aws_route.bikou_vpc_natdc.2": {
                    "type": "aws_route",
                    "depends_on": [
                        "aws_route_table.natdc.*",
                        "aws_vpc_peering_connection.bikou"
                    ],
                    "primary": {
                        "id": "r-rtb-08c8176e4095544594",
                        "attributes": {
                            "destination_cidr_block": "10.121.0.0/16",
                            "destination_prefix_list_id": "",
                            "egress_only_gateway_id": "",
                            "gateway_id": "",
                            "id": "r-rtb-08c8176e4095544594",
                            "instance_id": "",
                            "instance_owner_id": "",
                            "nat_gateway_id": "",
                            "network_interface_id": "",
                            "origin": "CreateRoute",
                            "route_table_id": "rtb-08c8176e",
                            "state": "active",
                            "vpc_peering_connection_id": "pcx-ab1991c2"
                        },
                        "meta": {},
                        "tainted": false
                    },
                    "deposed": [],
                    "provider": ""
                },
                "aws_route.data_brewprod_vpc_natdc.0": {
                    "type": "aws_route",
                    "depends_on": [
                        "aws_route_table.natdc.*",
                        "aws_vpc_peering_connection.data_brewprod"
                    ],
                    "primary": {
                        "id": "r-rtb-5fb573381953954969",
                        "attributes": {
                            "destination_cidr_block": "10.123.0.0/20",
                            "destination_prefix_list_id": "",
                            "egress_only_gateway_id": "",
                            "gateway_id": "",
                            "id": "r-rtb-5fb573381953954969",
                            "instance_id": "",
                            "instance_owner_id": "",
                            "nat_gateway_id": "",
                            "network_interface_id": "",
                            "origin": "CreateRoute",
                            "route_table_id": "rtb-5fb57338",
                            "state": "active",
                            "vpc_peering_connection_id": "pcx-e77bfc8e"
                        },
                        "meta": {},
                        "tainted": false
                    },
                    "deposed": [],
                    "provider": ""
                },
                "aws_route.data_brewprod_vpc_natdc.1": {
                    "type": "aws_route",
                    "depends_on": [
                        "aws_route_table.natdc.*",
                        "aws_vpc_peering_connection.data_brewprod"
                    ],
                    "primary": {
                        "id": "r-rtb-32c31c541953954969",
                        "attributes": {
                            "destination_cidr_block": "10.123.0.0/20",
                            "destination_prefix_list_id": "",
                            "egress_only_gateway_id": "",
                            "gateway_id": "",
                            "id": "r-rtb-32c31c541953954969",
                            "instance_id": "",
                            "instance_owner_id": "",
                            "nat_gateway_id": "",
                            "network_interface_id": "",
                            "origin": "CreateRoute",
                            "route_table_id": "rtb-32c31c54",
                            "state": "active",
                            "vpc_peering_connection_id": "pcx-e77bfc8e"
                        },
                        "meta": {},
                        "tainted": false
                    },
                    "deposed": [],
                    "provider": ""
                },
                "aws_route.data_brewprod_vpc_natdc.2": {
                    "type": "aws_route",
                    "depends_on": [
                        "aws_route_table.natdc.*",
                        "aws_vpc_peering_connection.data_brewprod"
                    ],
                    "primary": {
                        "id": "r-rtb-08c8176e1953954969",
                        "attributes": {
                            "destination_cidr_block": "10.123.0.0/20",
                            "destination_prefix_list_id": "",
                            "egress_only_gateway_id": "",
                            "gateway_id": "",
                            "id": "r-rtb-08c8176e1953954969",
                            "instance_id": "",
                            "instance_owner_id": "",
                            "nat_gateway_id": "",
                            "network_interface_id": "",
                            "origin": "CreateRoute",
                            "route_table_id": "rtb-08c8176e",
                            "state": "active",
                            "vpc_peering_connection_id": "pcx-e77bfc8e"
                        },
                        "meta": {},
                        "tainted": false
                    },
                    "deposed": [],
                    "provider": ""
                },
                "aws_route.data_brewprod_vpc_private": {
                    "type": "aws_route",
                    "depends_on": [
                        "aws_route_table.private",
                        "aws_vpc_peering_connection.data_brewprod"
                    ],
                    "primary": {
                        "id": "r-rtb-dbb472bc1953954969",
                        "attributes": {
                            "destination_cidr_block": "10.123.0.0/20",
                            "destination_prefix_list_id": "",
                            "egress_only_gateway_id": "",
                            "gateway_id": "",
                            "id": "r-rtb-dbb472bc1953954969",
                            "instance_id": "",
                            "instance_owner_id": "",
                            "nat_gateway_id": "",
                            "network_interface_id": "",
                            "origin": "CreateRoute",
                            "route_table_id": "rtb-dbb472bc",
                            "state": "active",
                            "vpc_peering_connection_id": "pcx-e77bfc8e"
                        },
                        "meta": {},
                        "tainted": false
                    },
                    "deposed": [],
                    "provider": ""
                },
                "aws_route.data_brewprod_vpc_public": {
                    "type": "aws_route",
                    "depends_on": [
                        "aws_route_table.public",
                        "aws_vpc_peering_connection.data_brewprod"
                    ],
                    "primary": {
                        "id": "r-rtb-a7b472c01953954969",
                        "attributes": {
                            "destination_cidr_block": "10.123.0.0/20",
                            "destination_prefix_list_id": "",
                            "egress_only_gateway_id": "",
                            "gateway_id": "",
                            "id": "r-rtb-a7b472c01953954969",
                            "instance_id": "",
                            "instance_owner_id": "",
                            "nat_gateway_id": "",
                            "network_interface_id": "",
                            "origin": "CreateRoute",
                            "route_table_id": "rtb-a7b472c0",
                            "state": "active",
                            "vpc_peering_connection_id": "pcx-e77bfc8e"
                        },
                        "meta": {},
                        "tainted": false
                    },
                    "deposed": [],
                    "provider": ""
                },
                "aws_route.data_prod_vpc_natdc.0": {
                    "type": "aws_route",
                    "depends_on": [
                        "aws_route_table.natdc.*",
                        "aws_vpc_peering_connection.data_prod"
                    ],
                    "primary": {
                        "id": "r-rtb-5fb573384127423379",
                        "attributes": {
                            "destination_cidr_block": "10.123.96.0/20",
                            "destination_prefix_list_id": "",
                            "egress_only_gateway_id": "",
                            "gateway_id": "",
                            "id": "r-rtb-5fb573384127423379",
                            "instance_id": "",
                            "instance_owner_id": "",
                            "nat_gateway_id": "",
                            "network_interface_id": "",
                            "origin": "CreateRoute",
                            "route_table_id": "rtb-5fb57338",
                            "state": "active",
                            "vpc_peering_connection_id": "pcx-f47bfc9d"
                        },
                        "meta": {},
                        "tainted": false
                    },
                    "deposed": [],
                    "provider": ""
                },
                "aws_route.data_prod_vpc_natdc.1": {
                    "type": "aws_route",
                    "depends_on": [
                        "aws_route_table.natdc.*",
                        "aws_vpc_peering_connection.data_prod"
                    ],
                    "primary": {
                        "id": "r-rtb-32c31c544127423379",
                        "attributes": {
                            "destination_cidr_block": "10.123.96.0/20",
                            "destination_prefix_list_id": "",
                            "egress_only_gateway_id": "",
                            "gateway_id": "",
                            "id": "r-rtb-32c31c544127423379",
                            "instance_id": "",
                            "instance_owner_id": "",
                            "nat_gateway_id": "",
                            "network_interface_id": "",
                            "origin": "CreateRoute",
                            "route_table_id": "rtb-32c31c54",
                            "state": "active",
                            "vpc_peering_connection_id": "pcx-f47bfc9d"
                        },
                        "meta": {},
                        "tainted": false
                    },
                    "deposed": [],
                    "provider": ""
                },
                "aws_route.data_prod_vpc_natdc.2": {
                    "type": "aws_route",
                    "depends_on": [
                        "aws_route_table.natdc.*",
                        "aws_vpc_peering_connection.data_prod"
                    ],
                    "primary": {
                        "id": "r-rtb-08c8176e4127423379",
                        "attributes": {
                            "destination_cidr_block": "10.123.96.0/20",
                            "destination_prefix_list_id": "",
                            "egress_only_gateway_id": "",
                            "gateway_id": "",
                            "id": "r-rtb-08c8176e4127423379",
                            "instance_id": "",
                            "instance_owner_id": "",
                            "nat_gateway_id": "",
                            "network_interface_id": "",
                            "origin": "CreateRoute",
                            "route_table_id": "rtb-08c8176e",
                            "state": "active",
                            "vpc_peering_connection_id": "pcx-f47bfc9d"
                        },
                        "meta": {},
                        "tainted": false
                    },
                    "deposed": [],
                    "provider": ""
                },
                "aws_route.data_prod_vpc_private": {
                    "type": "aws_route",
                    "depends_on": [
                        "aws_route_table.private",
                        "aws_vpc_peering_connection.data_prod"
                    ],
                    "primary": {
                        "id": "r-rtb-dbb472bc4127423379",
                        "attributes": {
                            "destination_cidr_block": "10.123.96.0/20",
                            "destination_prefix_list_id": "",
                            "egress_only_gateway_id": "",
                            "gateway_id": "",
                            "id": "r-rtb-dbb472bc4127423379",
                            "instance_id": "",
                            "instance_owner_id": "",
                            "nat_gateway_id": "",
                            "network_interface_id": "",
                            "origin": "CreateRoute",
                            "route_table_id": "rtb-dbb472bc",
                            "state": "active",
                            "vpc_peering_connection_id": "pcx-f47bfc9d"
                        },
                        "meta": {},
                        "tainted": false
                    },
                    "deposed": [],
                    "provider": ""
                },
                "aws_route.data_prod_vpc_public": {
                    "type": "aws_route",
                    "depends_on": [
                        "aws_route_table.public",
                        "aws_vpc_peering_connection.data_prod"
                    ],
                    "primary": {
                        "id": "r-rtb-a7b472c04127423379",
                        "attributes": {
                            "destination_cidr_block": "10.123.96.0/20",
                            "destination_prefix_list_id": "",
                            "egress_only_gateway_id": "",
                            "gateway_id": "",
                            "id": "r-rtb-a7b472c04127423379",
                            "instance_id": "",
                            "instance_owner_id": "",
                            "nat_gateway_id": "",
                            "network_interface_id": "",
                            "origin": "CreateRoute",
                            "route_table_id": "rtb-a7b472c0",
                            "state": "active",
                            "vpc_peering_connection_id": "pcx-f47bfc9d"
                        },
                        "meta": {},
                        "tainted": false
                    },
                    "deposed": [],
                    "provider": ""
                },
                "aws_route.infra_natdc.0": {
                    "type": "aws_route",
                    "depends_on": [
                        "aws_vpc_peering_connection.infra"
                    ],
                    "primary": {
                        "id": "r-rtb-9f83c8fb2455901786",
                        "attributes": {
                            "destination_cidr_block": "10.124.96.0/20",
                            "destination_prefix_list_id": "",
                            "egress_only_gateway_id": "",
                            "gateway_id": "",
                            "id": "r-rtb-9f83c8fb2455901786",
                            "instance_id": "",
                            "instance_owner_id": "",
                            "nat_gateway_id": "",
                            "network_interface_id": "",
                            "origin": "CreateRoute",
                            "route_table_id": "rtb-9f83c8fb",
                            "state": "active",
                            "vpc_peering_connection_id": "pcx-f0a21c99"
                        },
                        "meta": {},
                        "tainted": false
                    },
                    "deposed": [],
                    "provider": ""
                },
                "aws_route.infra_natdc.1": {
                    "type": "aws_route",
                    "depends_on": [
                        "aws_vpc_peering_connection.infra"
                    ],
                    "primary": {
                        "id": "r-rtb-a0c817c62455901786",
                        "attributes": {
                            "destination_cidr_block": "10.124.96.0/20",
                            "destination_prefix_list_id": "",
                            "egress_only_gateway_id": "",
                            "gateway_id": "",
                            "id": "r-rtb-a0c817c62455901786",
                            "instance_id": "",
                            "instance_owner_id": "",
                            "nat_gateway_id": "",
                            "network_interface_id": "",
                            "origin": "CreateRoute",
                            "route_table_id": "rtb-a0c817c6",
                            "state": "active",
                            "vpc_peering_connection_id": "pcx-f0a21c99"
                        },
                        "meta": {},
                        "tainted": false
                    },
                    "deposed": [],
                    "provider": ""
                },
                "aws_route.infra_natdc.2": {
                    "type": "aws_route",
                    "depends_on": [
                        "aws_vpc_peering_connection.infra"
                    ],
                    "primary": {
                        "id": "r-rtb-66cb14002455901786",
                        "attributes": {
                            "destination_cidr_block": "10.124.96.0/20",
                            "destination_prefix_list_id": "",
                            "egress_only_gateway_id": "",
                            "gateway_id": "",
                            "id": "r-rtb-66cb14002455901786",
                            "instance_id": "",
                            "instance_owner_id": "",
                            "nat_gateway_id": "",
                            "network_interface_id": "",
                            "origin": "CreateRoute",
                            "route_table_id": "rtb-66cb1400",
                            "state": "active",
                            "vpc_peering_connection_id": "pcx-f0a21c99"
                        },
                        "meta": {},
                        "tainted": false
                    },
                    "deposed": [],
                    "provider": ""
                },
                "aws_route.infra_private": {
                    "type": "aws_route",
                    "depends_on": [
                        "aws_vpc_peering_connection.infra"
                    ],
                    "primary": {
                        "id": "r-rtb-3f83c85b2455901786",
                        "attributes": {
                            "destination_cidr_block": "10.124.96.0/20",
                            "destination_prefix_list_id": "",
                            "egress_only_gateway_id": "",
                            "gateway_id": "",
                            "id": "r-rtb-3f83c85b2455901786",
                            "instance_id": "",
                            "instance_owner_id": "",
                            "nat_gateway_id": "",
                            "network_interface_id": "",
                            "origin": "CreateRoute",
                            "route_table_id": "rtb-3f83c85b",
                            "state": "active",
                            "vpc_peering_connection_id": "pcx-f0a21c99"
                        },
                        "meta": {},
                        "tainted": false
                    },
                    "deposed": [],
                    "provider": ""
                },
                "aws_route.infra_public": {
                    "type": "aws_route",
                    "depends_on": [
                        "aws_vpc_peering_connection.infra"
                    ],
                    "primary": {
                        "id": "r-rtb-3b83c85f2455901786",
                        "attributes": {
                            "destination_cidr_block": "10.124.96.0/20",
                            "destination_prefix_list_id": "",
                            "egress_only_gateway_id": "",
                            "gateway_id": "",
                            "id": "r-rtb-3b83c85f2455901786",
                            "instance_id": "",
                            "instance_owner_id": "",
                            "nat_gateway_id": "",
                            "network_interface_id": "",
                            "origin": "CreateRoute",
                            "route_table_id": "rtb-3b83c85f",
                            "state": "active",
                            "vpc_peering_connection_id": "pcx-f0a21c99"
                        },
                        "meta": {},
                        "tainted": false
                    },
                    "deposed": [],
                    "provider": ""
                },
                "aws_route.jcx_comp_vpc_natdc.0": {
                    "type": "aws_route",
                    "depends_on": [
                        "aws_route_table.natdc.*"
                    ],
                    "primary": {
                        "id": "r-rtb-5fb573383789401802",
                        "attributes": {
                            "destination_cidr_block": "10.122.112.0/20",
                            "destination_prefix_list_id": "",
                            "egress_only_gateway_id": "",
                            "gateway_id": "",
                            "id": "r-rtb-5fb573383789401802",
                            "instance_id": "",
                            "instance_owner_id": "",
                            "nat_gateway_id": "",
                            "network_interface_id": "",
                            "origin": "CreateRoute",
                            "route_table_id": "rtb-5fb57338",
                            "state": "active",
                            "vpc_peering_connection_id": "pcx-3026a159"
                        },
                        "meta": {},
                        "tainted": false
                    },
                    "deposed": [],
                    "provider": ""
                },
                "aws_route.jcx_comp_vpc_natdc.1": {
                    "type": "aws_route",
                    "depends_on": [
                        "aws_route_table.natdc.*"
                    ],
                    "primary": {
                        "id": "r-rtb-32c31c543789401802",
                        "attributes": {
                            "destination_cidr_block": "10.122.112.0/20",
                            "destination_prefix_list_id": "",
                            "egress_only_gateway_id": "",
                            "gateway_id": "",
                            "id": "r-rtb-32c31c543789401802",
                            "instance_id": "",
                            "instance_owner_id": "",
                            "nat_gateway_id": "",
                            "network_interface_id": "",
                            "origin": "CreateRoute",
                            "route_table_id": "rtb-32c31c54",
                            "state": "active",
                            "vpc_peering_connection_id": "pcx-3026a159"
                        },
                        "meta": {},
                        "tainted": false
                    },
                    "deposed": [],
                    "provider": ""
                },
                "aws_route.jcx_comp_vpc_natdc.2": {
                    "type": "aws_route",
                    "depends_on": [
                        "aws_route_table.natdc.*"
                    ],
                    "primary": {
                        "id": "r-rtb-08c8176e3789401802",
                        "attributes": {
                            "destination_cidr_block": "10.122.112.0/20",
                            "destination_prefix_list_id": "",
                            "egress_only_gateway_id": "",
                            "gateway_id": "",
                            "id": "r-rtb-08c8176e3789401802",
                            "instance_id": "",
                            "instance_owner_id": "",
                            "nat_gateway_id": "",
                            "network_interface_id": "",
                            "origin": "CreateRoute",
                            "route_table_id": "rtb-08c8176e",
                            "state": "active",
                            "vpc_peering_connection_id": "pcx-3026a159"
                        },
                        "meta": {},
                        "tainted": false
                    },
                    "deposed": [],
                    "provider": ""
                },
                "aws_route.jcx_comp_vpc_private": {
                    "type": "aws_route",
                    "depends_on": [
                        "aws_route_table.private"
                    ],
                    "primary": {
                        "id": "r-rtb-dbb472bc3789401802",
                        "attributes": {
                            "destination_cidr_block": "10.122.112.0/20",
                            "destination_prefix_list_id": "",
                            "egress_only_gateway_id": "",
                            "gateway_id": "",
                            "id": "r-rtb-dbb472bc3789401802",
                            "instance_id": "",
                            "instance_owner_id": "",
                            "nat_gateway_id": "",
                            "network_interface_id": "",
                            "origin": "CreateRoute",
                            "route_table_id": "rtb-dbb472bc",
                            "state": "active",
                            "vpc_peering_connection_id": "pcx-3026a159"
                        },
                        "meta": {},
                        "tainted": false
                    },
                    "deposed": [],
                    "provider": ""
                },
                "aws_route.jcx_comp_vpc_public": {
                    "type": "aws_route",
                    "depends_on": [
                        "aws_route_table.public"
                    ],
                    "primary": {
                        "id": "r-rtb-a7b472c03789401802",
                        "attributes": {
                            "destination_cidr_block": "10.122.112.0/20",
                            "destination_prefix_list_id": "",
                            "egress_only_gateway_id": "",
                            "gateway_id": "",
                            "id": "r-rtb-a7b472c03789401802",
                            "instance_id": "",
                            "instance_owner_id": "",
                            "nat_gateway_id": "",
                            "network_interface_id": "",
                            "origin": "CreateRoute",
                            "route_table_id": "rtb-a7b472c0",
                            "state": "active",
                            "vpc_peering_connection_id": "pcx-3026a159"
                        },
                        "meta": {},
                        "tainted": false
                    },
                    "deposed": [],
                    "provider": ""
                },
                "aws_route.ms_prod_vpc_natdc.0": {
                    "type": "aws_route",
                    "depends_on": [
                        "aws_route_table.natdc.*",
                        "aws_vpc_peering_connection.ms_pipeline"
                    ],
                    "primary": {
                        "id": "r-rtb-5fb573382125723008",
                        "attributes": {
                            "destination_cidr_block": "10.124.0.0/20",
                            "destination_prefix_list_id": "",
                            "egress_only_gateway_id": "",
                            "gateway_id": "",
                            "id": "r-rtb-5fb573382125723008",
                            "instance_id": "",
                            "instance_owner_id": "",
                            "nat_gateway_id": "",
                            "network_interface_id": "",
                            "origin": "CreateRoute",
                            "route_table_id": "rtb-5fb57338",
                            "state": "blackhole",
                            "vpc_peering_connection_id": "pcx-1533b87c"
                        },
                        "meta": {},
                        "tainted": false
                    },
                    "deposed": [],
                    "provider": ""
                },
                "aws_route.ms_prod_vpc_natdc.1": {
                    "type": "aws_route",
                    "depends_on": [
                        "aws_route_table.natdc.*",
                        "aws_vpc_peering_connection.ms_pipeline"
                    ],
                    "primary": {
                        "id": "r-rtb-32c31c542125723008",
                        "attributes": {
                            "destination_cidr_block": "10.124.0.0/20",
                            "destination_prefix_list_id": "",
                            "egress_only_gateway_id": "",
                            "gateway_id": "",
                            "id": "r-rtb-32c31c542125723008",
                            "instance_id": "",
                            "instance_owner_id": "",
                            "nat_gateway_id": "",
                            "network_interface_id": "",
                            "origin": "CreateRoute",
                            "route_table_id": "rtb-32c31c54",
                            "state": "blackhole",
                            "vpc_peering_connection_id": "pcx-1533b87c"
                        },
                        "meta": {},
                        "tainted": false
                    },
                    "deposed": [],
                    "provider": ""
                },
                "aws_route.ms_prod_vpc_natdc.2": {
                    "type": "aws_route",
                    "depends_on": [
                        "aws_route_table.natdc.*",
                        "aws_vpc_peering_connection.ms_pipeline"
                    ],
                    "primary": {
                        "id": "r-rtb-08c8176e2125723008",
                        "attributes": {
                            "destination_cidr_block": "10.124.0.0/20",
                            "destination_prefix_list_id": "",
                            "egress_only_gateway_id": "",
                            "gateway_id": "",
                            "id": "r-rtb-08c8176e2125723008",
                            "instance_id": "",
                            "instance_owner_id": "",
                            "nat_gateway_id": "",
                            "network_interface_id": "",
                            "origin": "CreateRoute",
                            "route_table_id": "rtb-08c8176e",
                            "state": "blackhole",
                            "vpc_peering_connection_id": "pcx-1533b87c"
                        },
                        "meta": {},
                        "tainted": false
                    },
                    "deposed": [],
                    "provider": ""
                },
                "aws_route.reco_brewprod_vpc_natdc.0": {
                    "type": "aws_route",
                    "depends_on": [
                        "aws_route_table.natdc.*",
                        "aws_vpc_peering_connection.reco_brewprod"
                    ],
                    "primary": {
                        "id": "r-rtb-5fb573383880337004",
                        "attributes": {
                            "destination_cidr_block": "10.126.48.0/20",
                            "destination_prefix_list_id": "",
                            "egress_only_gateway_id": "",
                            "gateway_id": "",
                            "id": "r-rtb-5fb573383880337004",
                            "instance_id": "",
                            "instance_owner_id": "",
                            "nat_gateway_id": "",
                            "network_interface_id": "",
                            "origin": "CreateRoute",
                            "route_table_id": "rtb-5fb57338",
                            "state": "active",
                            "vpc_peering_connection_id": "pcx-a4800ccd"
                        },
                        "meta": {},
                        "tainted": false
                    },
                    "deposed": [],
                    "provider": ""
                },
                "aws_route.reco_brewprod_vpc_natdc.1": {
                    "type": "aws_route",
                    "depends_on": [
                        "aws_route_table.natdc.*",
                        "aws_vpc_peering_connection.reco_brewprod"
                    ],
                    "primary": {
                        "id": "r-rtb-32c31c543880337004",
                        "attributes": {
                            "destination_cidr_block": "10.126.48.0/20",
                            "destination_prefix_list_id": "",
                            "egress_only_gateway_id": "",
                            "gateway_id": "",
                            "id": "r-rtb-32c31c543880337004",
                            "instance_id": "",
                            "instance_owner_id": "",
                            "nat_gateway_id": "",
                            "network_interface_id": "",
                            "origin": "CreateRoute",
                            "route_table_id": "rtb-32c31c54",
                            "state": "active",
                            "vpc_peering_connection_id": "pcx-a4800ccd"
                        },
                        "meta": {},
                        "tainted": false
                    },
                    "deposed": [],
                    "provider": ""
                },
                "aws_route.reco_brewprod_vpc_natdc.2": {
                    "type": "aws_route",
                    "depends_on": [
                        "aws_route_table.natdc.*",
                        "aws_vpc_peering_connection.reco_brewprod"
                    ],
                    "primary": {
                        "id": "r-rtb-08c8176e3880337004",
                        "attributes": {
                            "destination_cidr_block": "10.126.48.0/20",
                            "destination_prefix_list_id": "",
                            "egress_only_gateway_id": "",
                            "gateway_id": "",
                            "id": "r-rtb-08c8176e3880337004",
                            "instance_id": "",
                            "instance_owner_id": "",
                            "nat_gateway_id": "",
                            "network_interface_id": "",
                            "origin": "CreateRoute",
                            "route_table_id": "rtb-08c8176e",
                            "state": "active",
                            "vpc_peering_connection_id": "pcx-a4800ccd"
                        },
                        "meta": {},
                        "tainted": false
                    },
                    "deposed": [],
                    "provider": ""
                },
                "aws_route.reco_brewprod_vpc_private": {
                    "type": "aws_route",
                    "depends_on": [
                        "aws_route_table.private",
                        "aws_vpc_peering_connection.reco_brewprod"
                    ],
                    "primary": {
                        "id": "r-rtb-dbb472bc3880337004",
                        "attributes": {
                            "destination_cidr_block": "10.126.48.0/20",
                            "destination_prefix_list_id": "",
                            "egress_only_gateway_id": "",
                            "gateway_id": "",
                            "id": "r-rtb-dbb472bc3880337004",
                            "instance_id": "",
                            "instance_owner_id": "",
                            "nat_gateway_id": "",
                            "network_interface_id": "",
                            "origin": "CreateRoute",
                            "route_table_id": "rtb-dbb472bc",
                            "state": "active",
                            "vpc_peering_connection_id": "pcx-a4800ccd"
                        },
                        "meta": {},
                        "tainted": false
                    },
                    "deposed": [],
                    "provider": ""
                },
                "aws_route.reco_brewprod_vpc_public": {
                    "type": "aws_route",
                    "depends_on": [
                        "aws_route_table.public",
                        "aws_vpc_peering_connection.reco_brewprod"
                    ],
                    "primary": {
                        "id": "r-rtb-a7b472c03880337004",
                        "attributes": {
                            "destination_cidr_block": "10.126.48.0/20",
                            "destination_prefix_list_id": "",
                            "egress_only_gateway_id": "",
                            "gateway_id": "",
                            "id": "r-rtb-a7b472c03880337004",
                            "instance_id": "",
                            "instance_owner_id": "",
                            "nat_gateway_id": "",
                            "network_interface_id": "",
                            "origin": "CreateRoute",
                            "route_table_id": "rtb-a7b472c0",
                            "state": "active",
                            "vpc_peering_connection_id": "pcx-a4800ccd"
                        },
                        "meta": {},
                        "tainted": false
                    },
                    "deposed": [],
                    "provider": ""
                },
                "aws_route.reco_prod_vpc_natdc.0": {
                    "type": "aws_route",
                    "depends_on": [
                        "aws_route_table.natdc.*",
                        "aws_vpc_peering_connection.reco_prod"
                    ],
                    "primary": {
                        "id": "r-rtb-5fb573383163832028",
                        "attributes": {
                            "destination_cidr_block": "10.126.96.0/20",
                            "destination_prefix_list_id": "",
                            "egress_only_gateway_id": "",
                            "gateway_id": "",
                            "id": "r-rtb-5fb573383163832028",
                            "instance_id": "",
                            "instance_owner_id": "",
                            "nat_gateway_id": "",
                            "network_interface_id": "",
                            "origin": "CreateRoute",
                            "route_table_id": "rtb-5fb57338",
                            "state": "active",
                            "vpc_peering_connection_id": "pcx-ebce4082"
                        },
                        "meta": {},
                        "tainted": false
                    },
                    "deposed": [],
                    "provider": ""
                },
                "aws_route.reco_prod_vpc_natdc.1": {
                    "type": "aws_route",
                    "depends_on": [
                        "aws_route_table.natdc.*",
                        "aws_vpc_peering_connection.reco_prod"
                    ],
                    "primary": {
                        "id": "r-rtb-32c31c543163832028",
                        "attributes": {
                            "destination_cidr_block": "10.126.96.0/20",
                            "destination_prefix_list_id": "",
                            "egress_only_gateway_id": "",
                            "gateway_id": "",
                            "id": "r-rtb-32c31c543163832028",
                            "instance_id": "",
                            "instance_owner_id": "",
                            "nat_gateway_id": "",
                            "network_interface_id": "",
                            "origin": "CreateRoute",
                            "route_table_id": "rtb-32c31c54",
                            "state": "active",
                            "vpc_peering_connection_id": "pcx-ebce4082"
                        },
                        "meta": {},
                        "tainted": false
                    },
                    "deposed": [],
                    "provider": ""
                },
                "aws_route.reco_prod_vpc_natdc.2": {
                    "type": "aws_route",
                    "depends_on": [
                        "aws_route_table.natdc.*",
                        "aws_vpc_peering_connection.reco_prod"
                    ],
                    "primary": {
                        "id": "r-rtb-08c8176e3163832028",
                        "attributes": {
                            "destination_cidr_block": "10.126.96.0/20",
                            "destination_prefix_list_id": "",
                            "egress_only_gateway_id": "",
                            "gateway_id": "",
                            "id": "r-rtb-08c8176e3163832028",
                            "instance_id": "",
                            "instance_owner_id": "",
                            "nat_gateway_id": "",
                            "network_interface_id": "",
                            "origin": "CreateRoute",
                            "route_table_id": "rtb-08c8176e",
                            "state": "active",
                            "vpc_peering_connection_id": "pcx-ebce4082"
                        },
                        "meta": {},
                        "tainted": false
                    },
                    "deposed": [],
                    "provider": ""
                },
                "aws_route.reco_prod_vpc_private": {
                    "type": "aws_route",
                    "depends_on": [
                        "aws_route_table.private",
                        "aws_vpc_peering_connection.reco_prod"
                    ],
                    "primary": {
                        "id": "r-rtb-dbb472bc3163832028",
                        "attributes": {
                            "destination_cidr_block": "10.126.96.0/20",
                            "destination_prefix_list_id": "",
                            "egress_only_gateway_id": "",
                            "gateway_id": "",
                            "id": "r-rtb-dbb472bc3163832028",
                            "instance_id": "",
                            "instance_owner_id": "",
                            "nat_gateway_id": "",
                            "network_interface_id": "",
                            "origin": "CreateRoute",
                            "route_table_id": "rtb-dbb472bc",
                            "state": "active",
                            "vpc_peering_connection_id": "pcx-ebce4082"
                        },
                        "meta": {},
                        "tainted": false
                    },
                    "deposed": [],
                    "provider": ""
                },
                "aws_route.reco_prod_vpc_public": {
                    "type": "aws_route",
                    "depends_on": [
                        "aws_route_table.public",
                        "aws_vpc_peering_connection.reco_prod"
                    ],
                    "primary": {
                        "id": "r-rtb-a7b472c03163832028",
                        "attributes": {
                            "destination_cidr_block": "10.126.96.0/20",
                            "destination_prefix_list_id": "",
                            "egress_only_gateway_id": "",
                            "gateway_id": "",
                            "id": "r-rtb-a7b472c03163832028",
                            "instance_id": "",
                            "instance_owner_id": "",
                            "nat_gateway_id": "",
                            "network_interface_id": "",
                            "origin": "CreateRoute",
                            "route_table_id": "rtb-a7b472c0",
                            "state": "active",
                            "vpc_peering_connection_id": "pcx-ebce4082"
                        },
                        "meta": {},
                        "tainted": false
                    },
                    "deposed": [],
                    "provider": ""
                },
                "aws_route53_zone_association.route53": {
                    "type": "aws_route53_zone_association",
                    "depends_on": [
                        "aws_vpc.main"
                    ],
                    "primary": {
                        "id": "Z3IWCGZKOXJTEC:vpc-ddd0d3b9",
                        "attributes": {
                            "id": "Z3IWCGZKOXJTEC:vpc-ddd0d3b9",
                            "vpc_id": "vpc-ddd0d3b9",
                            "vpc_region": "us-west-2",
                            "zone_id": "Z3IWCGZKOXJTEC"
                        },
                        "meta": {},
                        "tainted": false
                    },
                    "deposed": [],
                    "provider": ""
                },
                "aws_route_table.natdc.0": {
                    "type": "aws_route_table",
                    "depends_on": [
                        "aws_nat_gateway.natgw",
                        "aws_vpc.main",
                        "aws_vpn_gateway.vgw"
                    ],
                    "primary": {
                        "id": "rtb-5fb57338",
                        "attributes": {
                            "id": "rtb-5fb57338",
                            "propagating_vgws.#": "1",
                            "propagating_vgws.2284925328": "vgw-55449d4b",
                            "route.#": "8",
                            "route.1103985873.cidr_block": "10.122.112.0/20",
                            "route.1103985873.egress_only_gateway_id": "",
                            "route.1103985873.gateway_id": "",
                            "route.1103985873.instance_id": "",
                            "route.1103985873.ipv6_cidr_block": "",
                            "route.1103985873.nat_gateway_id": "",
                            "route.1103985873.network_interface_id": "",
                            "route.1103985873.vpc_peering_connection_id": "pcx-3026a159",
                            "route.2608208078.cidr_block": "10.123.0.0/20",
                            "route.2608208078.egress_only_gateway_id": "",
                            "route.2608208078.gateway_id": "",
                            "route.2608208078.instance_id": "",
                            "route.2608208078.ipv6_cidr_block": "",
                            "route.2608208078.nat_gateway_id": "",
                            "route.2608208078.network_interface_id": "",
                            "route.2608208078.vpc_peering_connection_id": "pcx-e77bfc8e",
                            "route.2771695596.cidr_block": "10.121.0.0/16",
                            "route.2771695596.egress_only_gateway_id": "",
                            "route.2771695596.gateway_id": "",
                            "route.2771695596.instance_id": "",
                            "route.2771695596.ipv6_cidr_block": "",
                            "route.2771695596.nat_gateway_id": "",
                            "route.2771695596.network_interface_id": "",
                            "route.2771695596.vpc_peering_connection_id": "pcx-ab1991c2",
                            "route.329470548.cidr_block": "10.126.48.0/20",
                            "route.329470548.egress_only_gateway_id": "",
                            "route.329470548.gateway_id": "",
                            "route.329470548.instance_id": "",
                            "route.329470548.ipv6_cidr_block": "",
                            "route.329470548.nat_gateway_id": "",
                            "route.329470548.network_interface_id": "",
                            "route.329470548.vpc_peering_connection_id": "pcx-a4800ccd",
                            "route.3353769203.cidr_block": "10.127.36.7/32",
                            "route.3353769203.egress_only_gateway_id": "",
                            "route.3353769203.gateway_id": "",
                            "route.3353769203.instance_id": "",
                            "route.3353769203.ipv6_cidr_block": "",
                            "route.3353769203.nat_gateway_id": "",
                            "route.3353769203.network_interface_id": "",
                            "route.3353769203.vpc_peering_connection_id": "pcx-f0a21c99",
                            "route.445233809.cidr_block": "0.0.0.0/0",
                            "route.445233809.egress_only_gateway_id": "",
                            "route.445233809.gateway_id": "",
                            "route.445233809.instance_id": "",
                            "route.445233809.ipv6_cidr_block": "",
                            "route.445233809.nat_gateway_id": "nat-003544dcb413422ff",
                            "route.445233809.network_interface_id": "",
                            "route.445233809.vpc_peering_connection_id": "",
                            "route.768486426.cidr_block": "10.126.96.0/20",
                            "route.768486426.egress_only_gateway_id": "",
                            "route.768486426.gateway_id": "",
                            "route.768486426.instance_id": "",
                            "route.768486426.ipv6_cidr_block": "",
                            "route.768486426.nat_gateway_id": "",
                            "route.768486426.network_interface_id": "",
                            "route.768486426.vpc_peering_connection_id": "pcx-ebce4082",
                            "route.979389630.cidr_block": "10.123.96.0/20",
                            "route.979389630.egress_only_gateway_id": "",
                            "route.979389630.gateway_id": "",
                            "route.979389630.instance_id": "",
                            "route.979389630.ipv6_cidr_block": "",
                            "route.979389630.nat_gateway_id": "",
                            "route.979389630.network_interface_id": "",
                            "route.979389630.vpc_peering_connection_id": "pcx-f47bfc9d",
                            "tags.%": "5",
                            "tags.Name": "prod-natdc-routetable",
                            "tags.account_name": "jive-microservices-prod",
                            "tags.pipeline_phase": "prod",
                            "tags.region": "us-west-2",
                            "tags.sla": "prod",
                            "vpc_id": "vpc-ddd0d3b9"
                        },
                        "meta": {},
                        "tainted": false
                    },
                    "deposed": [],
                    "provider": ""
                },
                "aws_route_table.natdc.1": {
                    "type": "aws_route_table",
                    "depends_on": [
                        "aws_nat_gateway.natgw.*",
                        "aws_vpc.main",
                        "aws_vpn_gateway.vgw"
                    ],
                    "primary": {
                        "id": "rtb-32c31c54",
                        "attributes": {
                            "id": "rtb-32c31c54",
                            "propagating_vgws.#": "1",
                            "propagating_vgws.2284925328": "vgw-55449d4b",
                            "route.#": "8",
                            "route.1103985873.cidr_block": "10.122.112.0/20",
                            "route.1103985873.egress_only_gateway_id": "",
                            "route.1103985873.gateway_id": "",
                            "route.1103985873.instance_id": "",
                            "route.1103985873.ipv6_cidr_block": "",
                            "route.1103985873.nat_gateway_id": "",
                            "route.1103985873.network_interface_id": "",
                            "route.1103985873.vpc_peering_connection_id": "pcx-3026a159",
                            "route.2608208078.cidr_block": "10.123.0.0/20",
                            "route.2608208078.egress_only_gateway_id": "",
                            "route.2608208078.gateway_id": "",
                            "route.2608208078.instance_id": "",
                            "route.2608208078.ipv6_cidr_block": "",
                            "route.2608208078.nat_gateway_id": "",
                            "route.2608208078.network_interface_id": "",
                            "route.2608208078.vpc_peering_connection_id": "pcx-e77bfc8e",
                            "route.2771695596.cidr_block": "10.121.0.0/16",
                            "route.2771695596.egress_only_gateway_id": "",
                            "route.2771695596.gateway_id": "",
                            "route.2771695596.instance_id": "",
                            "route.2771695596.ipv6_cidr_block": "",
                            "route.2771695596.nat_gateway_id": "",
                            "route.2771695596.network_interface_id": "",
                            "route.2771695596.vpc_peering_connection_id": "pcx-ab1991c2",
                            "route.329470548.cidr_block": "10.126.48.0/20",
                            "route.329470548.egress_only_gateway_id": "",
                            "route.329470548.gateway_id": "",
                            "route.329470548.instance_id": "",
                            "route.329470548.ipv6_cidr_block": "",
                            "route.329470548.nat_gateway_id": "",
                            "route.329470548.network_interface_id": "",
                            "route.329470548.vpc_peering_connection_id": "pcx-a4800ccd",
                            "route.3353769203.cidr_block": "10.127.36.7/32",
                            "route.3353769203.egress_only_gateway_id": "",
                            "route.3353769203.gateway_id": "",
                            "route.3353769203.instance_id": "",
                            "route.3353769203.ipv6_cidr_block": "",
                            "route.3353769203.nat_gateway_id": "",
                            "route.3353769203.network_interface_id": "",
                            "route.3353769203.vpc_peering_connection_id": "pcx-f0a21c99",
                            "route.3969818311.cidr_block": "0.0.0.0/0",
                            "route.3969818311.egress_only_gateway_id": "",
                            "route.3969818311.gateway_id": "",
                            "route.3969818311.instance_id": "",
                            "route.3969818311.ipv6_cidr_block": "",
                            "route.3969818311.nat_gateway_id": "nat-0bf04b4cb610c34fa",
                            "route.3969818311.network_interface_id": "",
                            "route.3969818311.vpc_peering_connection_id": "",
                            "route.768486426.cidr_block": "10.126.96.0/20",
                            "route.768486426.egress_only_gateway_id": "",
                            "route.768486426.gateway_id": "",
                            "route.768486426.instance_id": "",
                            "route.768486426.ipv6_cidr_block": "",
                            "route.768486426.nat_gateway_id": "",
                            "route.768486426.network_interface_id": "",
                            "route.768486426.vpc_peering_connection_id": "pcx-ebce4082",
                            "route.979389630.cidr_block": "10.123.96.0/20",
                            "route.979389630.egress_only_gateway_id": "",
                            "route.979389630.gateway_id": "",
                            "route.979389630.instance_id": "",
                            "route.979389630.ipv6_cidr_block": "",
                            "route.979389630.nat_gateway_id": "",
                            "route.979389630.network_interface_id": "",
                            "route.979389630.vpc_peering_connection_id": "pcx-f47bfc9d",
                            "tags.%": "5",
                            "tags.Name": "prod-natdc-routetable",
                            "tags.account_name": "jive-microservices-prod",
                            "tags.pipeline_phase": "prod",
                            "tags.region": "us-west-2",
                            "tags.sla": "prod",
                            "vpc_id": "vpc-ddd0d3b9"
                        },
                        "meta": {},
                        "tainted": false
                    },
                    "deposed": [],
                    "provider": ""
                },
                "aws_route_table.natdc.2": {
                    "type": "aws_route_table",
                    "depends_on": [
                        "aws_nat_gateway.natgw.*",
                        "aws_vpc.main",
                        "aws_vpn_gateway.vgw"
                    ],
                    "primary": {
                        "id": "rtb-08c8176e",
                        "attributes": {
                            "id": "rtb-08c8176e",
                            "propagating_vgws.#": "1",
                            "propagating_vgws.2284925328": "vgw-55449d4b",
                            "route.#": "8",
                            "route.1103985873.cidr_block": "10.122.112.0/20",
                            "route.1103985873.egress_only_gateway_id": "",
                            "route.1103985873.gateway_id": "",
                            "route.1103985873.instance_id": "",
                            "route.1103985873.ipv6_cidr_block": "",
                            "route.1103985873.nat_gateway_id": "",
                            "route.1103985873.network_interface_id": "",
                            "route.1103985873.vpc_peering_connection_id": "pcx-3026a159",
                            "route.2608208078.cidr_block": "10.123.0.0/20",
                            "route.2608208078.egress_only_gateway_id": "",
                            "route.2608208078.gateway_id": "",
                            "route.2608208078.instance_id": "",
                            "route.2608208078.ipv6_cidr_block": "",
                            "route.2608208078.nat_gateway_id": "",
                            "route.2608208078.network_interface_id": "",
                            "route.2608208078.vpc_peering_connection_id": "pcx-e77bfc8e",
                            "route.2771695596.cidr_block": "10.121.0.0/16",
                            "route.2771695596.egress_only_gateway_id": "",
                            "route.2771695596.gateway_id": "",
                            "route.2771695596.instance_id": "",
                            "route.2771695596.ipv6_cidr_block": "",
                            "route.2771695596.nat_gateway_id": "",
                            "route.2771695596.network_interface_id": "",
                            "route.2771695596.vpc_peering_connection_id": "pcx-ab1991c2",
                            "route.329470548.cidr_block": "10.126.48.0/20",
                            "route.329470548.egress_only_gateway_id": "",
                            "route.329470548.gateway_id": "",
                            "route.329470548.instance_id": "",
                            "route.329470548.ipv6_cidr_block": "",
                            "route.329470548.nat_gateway_id": "",
                            "route.329470548.network_interface_id": "",
                            "route.329470548.vpc_peering_connection_id": "pcx-a4800ccd",
                            "route.3353769203.cidr_block": "10.127.36.7/32",
                            "route.3353769203.egress_only_gateway_id": "",
                            "route.3353769203.gateway_id": "",
                            "route.3353769203.instance_id": "",
                            "route.3353769203.ipv6_cidr_block": "",
                            "route.3353769203.nat_gateway_id": "",
                            "route.3353769203.network_interface_id": "",
                            "route.3353769203.vpc_peering_connection_id": "pcx-f0a21c99",
                            "route.553065568.cidr_block": "0.0.0.0/0",
                            "route.553065568.egress_only_gateway_id": "",
                            "route.553065568.gateway_id": "",
                            "route.553065568.instance_id": "",
                            "route.553065568.ipv6_cidr_block": "",
                            "route.553065568.nat_gateway_id": "nat-0ad26aa236a9e8673",
                            "route.553065568.network_interface_id": "",
                            "route.553065568.vpc_peering_connection_id": "",
                            "route.768486426.cidr_block": "10.126.96.0/20",
                            "route.768486426.egress_only_gateway_id": "",
                            "route.768486426.gateway_id": "",
                            "route.768486426.instance_id": "",
                            "route.768486426.ipv6_cidr_block": "",
                            "route.768486426.nat_gateway_id": "",
                            "route.768486426.network_interface_id": "",
                            "route.768486426.vpc_peering_connection_id": "pcx-ebce4082",
                            "route.979389630.cidr_block": "10.123.96.0/20",
                            "route.979389630.egress_only_gateway_id": "",
                            "route.979389630.gateway_id": "",
                            "route.979389630.instance_id": "",
                            "route.979389630.ipv6_cidr_block": "",
                            "route.979389630.nat_gateway_id": "",
                            "route.979389630.network_interface_id": "",
                            "route.979389630.vpc_peering_connection_id": "pcx-f47bfc9d",
                            "tags.%": "5",
                            "tags.Name": "prod-natdc-routetable",
                            "tags.account_name": "jive-microservices-prod",
                            "tags.pipeline_phase": "prod",
                            "tags.region": "us-west-2",
                            "tags.sla": "prod",
                            "vpc_id": "vpc-ddd0d3b9"
                        },
                        "meta": {},
                        "tainted": false
                    },
                    "deposed": [],
                    "provider": ""
                },
                "aws_route_table.private": {
                    "type": "aws_route_table",
                    "depends_on": [
                        "aws_vpc.main"
                    ],
                    "primary": {
                        "id": "rtb-dbb472bc",
                        "attributes": {
                            "id": "rtb-dbb472bc",
                            "propagating_vgws.#": "0",
                            "route.#": "6",
                            "route.1103985873.cidr_block": "10.122.112.0/20",
                            "route.1103985873.egress_only_gateway_id": "",
                            "route.1103985873.gateway_id": "",
                            "route.1103985873.instance_id": "",
                            "route.1103985873.ipv6_cidr_block": "",
                            "route.1103985873.nat_gateway_id": "",
                            "route.1103985873.network_interface_id": "",
                            "route.1103985873.vpc_peering_connection_id": "pcx-3026a159",
                            "route.2608208078.cidr_block": "10.123.0.0/20",
                            "route.2608208078.egress_only_gateway_id": "",
                            "route.2608208078.gateway_id": "",
                            "route.2608208078.instance_id": "",
                            "route.2608208078.ipv6_cidr_block": "",
                            "route.2608208078.nat_gateway_id": "",
                            "route.2608208078.network_interface_id": "",
                            "route.2608208078.vpc_peering_connection_id": "pcx-e77bfc8e",
                            "route.329470548.cidr_block": "10.126.48.0/20",
                            "route.329470548.egress_only_gateway_id": "",
                            "route.329470548.gateway_id": "",
                            "route.329470548.instance_id": "",
                            "route.329470548.ipv6_cidr_block": "",
                            "route.329470548.nat_gateway_id": "",
                            "route.329470548.network_interface_id": "",
                            "route.329470548.vpc_peering_connection_id": "pcx-a4800ccd",
                            "route.3353769203.cidr_block": "10.127.36.7/32",
                            "route.3353769203.egress_only_gateway_id": "",
                            "route.3353769203.gateway_id": "",
                            "route.3353769203.instance_id": "",
                            "route.3353769203.ipv6_cidr_block": "",
                            "route.3353769203.nat_gateway_id": "",
                            "route.3353769203.network_interface_id": "",
                            "route.3353769203.vpc_peering_connection_id": "pcx-f0a21c99",
                            "route.768486426.cidr_block": "10.126.96.0/20",
                            "route.768486426.egress_only_gateway_id": "",
                            "route.768486426.gateway_id": "",
                            "route.768486426.instance_id": "",
                            "route.768486426.ipv6_cidr_block": "",
                            "route.768486426.nat_gateway_id": "",
                            "route.768486426.network_interface_id": "",
                            "route.768486426.vpc_peering_connection_id": "pcx-ebce4082",
                            "route.979389630.cidr_block": "10.123.96.0/20",
                            "route.979389630.egress_only_gateway_id": "",
                            "route.979389630.gateway_id": "",
                            "route.979389630.instance_id": "",
                            "route.979389630.ipv6_cidr_block": "",
                            "route.979389630.nat_gateway_id": "",
                            "route.979389630.network_interface_id": "",
                            "route.979389630.vpc_peering_connection_id": "pcx-f47bfc9d",
                            "tags.%": "5",
                            "tags.Name": "prod-private-routetable",
                            "tags.account_name": "jive-microservices-prod",
                            "tags.pipeline_phase": "prod",
                            "tags.region": "us-west-2",
                            "tags.sla": "prod",
                            "vpc_id": "vpc-ddd0d3b9"
                        },
                        "meta": {},
                        "tainted": false
                    },
                    "deposed": [],
                    "provider": ""
                },
                "aws_route_table.public": {
                    "type": "aws_route_table",
                    "depends_on": [
                        "aws_internet_gateway.igw",
                        "aws_vpc.main"
                    ],
                    "primary": {
                        "id": "rtb-a7b472c0",
                        "attributes": {
                            "id": "rtb-a7b472c0",
                            "propagating_vgws.#": "0",
                            "route.#": "7",
                            "route.1103985873.cidr_block": "10.122.112.0/20",
                            "route.1103985873.egress_only_gateway_id": "",
                            "route.1103985873.gateway_id": "",
                            "route.1103985873.instance_id": "",
                            "route.1103985873.ipv6_cidr_block": "",
                            "route.1103985873.nat_gateway_id": "",
                            "route.1103985873.network_interface_id": "",
                            "route.1103985873.vpc_peering_connection_id": "pcx-3026a159",
                            "route.2608208078.cidr_block": "10.123.0.0/20",
                            "route.2608208078.egress_only_gateway_id": "",
                            "route.2608208078.gateway_id": "",
                            "route.2608208078.instance_id": "",
                            "route.2608208078.ipv6_cidr_block": "",
                            "route.2608208078.nat_gateway_id": "",
                            "route.2608208078.network_interface_id": "",
                            "route.2608208078.vpc_peering_connection_id": "pcx-e77bfc8e",
                            "route.329470548.cidr_block": "10.126.48.0/20",
                            "route.329470548.egress_only_gateway_id": "",
                            "route.329470548.gateway_id": "",
                            "route.329470548.instance_id": "",
                            "route.329470548.ipv6_cidr_block": "",
                            "route.329470548.nat_gateway_id": "",
                            "route.329470548.network_interface_id": "",
                            "route.329470548.vpc_peering_connection_id": "pcx-a4800ccd",
                            "route.3353769203.cidr_block": "10.127.36.7/32",
                            "route.3353769203.egress_only_gateway_id": "",
                            "route.3353769203.gateway_id": "",
                            "route.3353769203.instance_id": "",
                            "route.3353769203.ipv6_cidr_block": "",
                            "route.3353769203.nat_gateway_id": "",
                            "route.3353769203.network_interface_id": "",
                            "route.3353769203.vpc_peering_connection_id": "pcx-f0a21c99",
                            "route.44449718.cidr_block": "0.0.0.0/0",
                            "route.44449718.egress_only_gateway_id": "",
                            "route.44449718.gateway_id": "igw-965bfaf2",
                            "route.44449718.instance_id": "",
                            "route.44449718.ipv6_cidr_block": "",
                            "route.44449718.nat_gateway_id": "",
                            "route.44449718.network_interface_id": "",
                            "route.44449718.vpc_peering_connection_id": "",
                            "route.768486426.cidr_block": "10.126.96.0/20",
                            "route.768486426.egress_only_gateway_id": "",
                            "route.768486426.gateway_id": "",
                            "route.768486426.instance_id": "",
                            "route.768486426.ipv6_cidr_block": "",
                            "route.768486426.nat_gateway_id": "",
                            "route.768486426.network_interface_id": "",
                            "route.768486426.vpc_peering_connection_id": "pcx-ebce4082",
                            "route.979389630.cidr_block": "10.123.96.0/20",
                            "route.979389630.egress_only_gateway_id": "",
                            "route.979389630.gateway_id": "",
                            "route.979389630.instance_id": "",
                            "route.979389630.ipv6_cidr_block": "",
                            "route.979389630.nat_gateway_id": "",
                            "route.979389630.network_interface_id": "",
                            "route.979389630.vpc_peering_connection_id": "pcx-f47bfc9d",
                            "tags.%": "6",
                            "tags.KubernetesCluster": "us-west-2_jive-microservices-prod",
                            "tags.Name": "prod-public-routetable",
                            "tags.account_name": "jive-microservices-prod",
                            "tags.pipeline_phase": "prod",
                            "tags.region": "us-west-2",
                            "tags.sla": "prod",
                            "vpc_id": "vpc-ddd0d3b9"
                        },
                        "meta": {},
                        "tainted": false
                    },
                    "deposed": [],
                    "provider": ""
                },
                "aws_route_table_association.natdc.0": {
                    "type": "aws_route_table_association",
                    "depends_on": [
                        "aws_route_table.natdc.*",
                        "aws_subnet.natdc.*"
                    ],
                    "primary": {
                        "id": "rtbassoc-41476726",
                        "attributes": {
                            "id": "rtbassoc-41476726",
                            "route_table_id": "rtb-5fb57338",
                            "subnet_id": "subnet-0596a361"
                        },
                        "meta": {},
                        "tainted": false
                    },
                    "deposed": [],
                    "provider": ""
                },
                "aws_route_table_association.natdc.1": {
                    "type": "aws_route_table_association",
                    "depends_on": [
                        "aws_route_table.natdc.*",
                        "aws_subnet.natdc.*"
                    ],
                    "primary": {
                        "id": "rtbassoc-a4f239dd",
                        "attributes": {
                            "id": "rtbassoc-a4f239dd",
                            "route_table_id": "rtb-32c31c54",
                            "subnet_id": "subnet-6a75f632"
                        },
                        "meta": {},
                        "tainted": false
                    },
                    "deposed": [],
                    "provider": ""
                },
                "aws_route_table_association.natdc.2": {
                    "type": "aws_route_table_association",
                    "depends_on": [
                        "aws_route_table.natdc.*",
                        "aws_subnet.natdc.*"
                    ],
                    "primary": {
                        "id": "rtbassoc-bff03bc6",
                        "attributes": {
                            "id": "rtbassoc-bff03bc6",
                            "route_table_id": "rtb-08c8176e",
                            "subnet_id": "subnet-4e6c2038"
                        },
                        "meta": {},
                        "tainted": false
                    },
                    "deposed": [],
                    "provider": ""
                },
                "aws_route_table_association.private.0": {
                    "type": "aws_route_table_association",
                    "depends_on": [
                        "aws_route_table.private",
                        "aws_subnet.private"
                    ],
                    "primary": {
                        "id": "rtbassoc-f4466693",
                        "attributes": {
                            "id": "rtbassoc-f4466693",
                            "route_table_id": "rtb-dbb472bc",
                            "subnet_id": "subnet-416c2037"
                        },
                        "meta": {},
                        "tainted": false
                    },
                    "deposed": [],
                    "provider": ""
                },
                "aws_route_table_association.private.1": {
                    "type": "aws_route_table_association",
                    "depends_on": [
                        "aws_route_table.private",
                        "aws_subnet.private"
                    ],
                    "primary": {
                        "id": "rtbassoc-f5466692",
                        "attributes": {
                            "id": "rtbassoc-f5466692",
                            "route_table_id": "rtb-dbb472bc",
                            "subnet_id": "subnet-0496a360"
                        },
                        "meta": {},
                        "tainted": false
                    },
                    "deposed": [],
                    "provider": ""
                },
                "aws_route_table_association.private.2": {
                    "type": "aws_route_table_association",
                    "depends_on": [
                        "aws_route_table.private",
                        "aws_subnet.private"
                    ],
                    "primary": {
                        "id": "rtbassoc-f6466691",
                        "attributes": {
                            "id": "rtbassoc-f6466691",
                            "route_table_id": "rtb-dbb472bc",
                            "subnet_id": "subnet-6875f630"
                        },
                        "meta": {},
                        "tainted": false
                    },
                    "deposed": [],
                    "provider": ""
                },
                "aws_route_table_association.public.0": {
                    "type": "aws_route_table_association",
                    "depends_on": [
                        "aws_route_table.public",
                        "aws_subnet.public"
                    ],
                    "primary": {
                        "id": "rtbassoc-ff466698",
                        "attributes": {
                            "id": "rtbassoc-ff466698",
                            "route_table_id": "rtb-a7b472c0",
                            "subnet_id": "subnet-4f6c2039"
                        },
                        "meta": {},
                        "tainted": false
                    },
                    "deposed": [],
                    "provider": ""
                },
                "aws_route_table_association.public.1": {
                    "type": "aws_route_table_association",
                    "depends_on": [
                        "aws_route_table.public",
                        "aws_subnet.public"
                    ],
                    "primary": {
                        "id": "rtbassoc-fe466699",
                        "attributes": {
                            "id": "rtbassoc-fe466699",
                            "route_table_id": "rtb-a7b472c0",
                            "subnet_id": "subnet-0696a362"
                        },
                        "meta": {},
                        "tainted": false
                    },
                    "deposed": [],
                    "provider": ""
                },
                "aws_route_table_association.public.2": {
                    "type": "aws_route_table_association",
                    "depends_on": [
                        "aws_route_table.public",
                        "aws_subnet.public"
                    ],
                    "primary": {
                        "id": "rtbassoc-fd46669a",
                        "attributes": {
                            "id": "rtbassoc-fd46669a",
                            "route_table_id": "rtb-a7b472c0",
                            "subnet_id": "subnet-6c75f634"
                        },
                        "meta": {},
                        "tainted": false
                    },
                    "deposed": [],
                    "provider": ""
                },
                "aws_security_group.env_instance": {
                    "type": "aws_security_group",
                    "depends_on": [
                        "aws_vpc.main",
                        "data.aws_security_group.bastion"
                    ],
                    "primary": {
                        "id": "sg-ded416a7",
                        "attributes": {
                            "description": "All instances within the evironment",
                            "egress.#": "1",
                            "egress.482069346.cidr_blocks.#": "1",
                            "egress.482069346.cidr_blocks.0": "0.0.0.0/0",
                            "egress.482069346.from_port": "0",
                            "egress.482069346.ipv6_cidr_blocks.#": "0",
                            "egress.482069346.prefix_list_ids.#": "0",
                            "egress.482069346.protocol": "-1",
                            "egress.482069346.security_groups.#": "0",
                            "egress.482069346.self": "false",
                            "egress.482069346.to_port": "0",
                            "id": "sg-ded416a7",
                            "ingress.#": "2",
                            "ingress.2949461978.cidr_blocks.#": "0",
                            "ingress.2949461978.from_port": "22",
                            "ingress.2949461978.ipv6_cidr_blocks.#": "0",
                            "ingress.2949461978.protocol": "tcp",
                            "ingress.2949461978.security_groups.#": "1",
                            "ingress.2949461978.security_groups.2482445912": "sg-19329b7f",
                            "ingress.2949461978.self": "false",
                            "ingress.2949461978.to_port": "22",
                            "ingress.314173561.cidr_blocks.#": "0",
                            "ingress.314173561.from_port": "8",
                            "ingress.314173561.ipv6_cidr_blocks.#": "0",
                            "ingress.314173561.protocol": "icmp",
                            "ingress.314173561.security_groups.#": "1",
                            "ingress.314173561.security_groups.2482445912": "sg-19329b7f",
                            "ingress.314173561.self": "false",
                            "ingress.314173561.to_port": "0",
                            "name": "prod-instance",
                            "owner_id": "663559125979",
                            "tags.%": "5",
                            "tags.Name": "prod-instance",
                            "tags.account_name": "jive-microservices-prod",
                            "tags.pipeline_phase": "prod",
                            "tags.region": "us-west-2",
                            "tags.sla": "prod",
                            "vpc_id": "vpc-ddd0d3b9"
                        },
                        "meta": {},
                        "tainted": false
                    },
                    "deposed": [],
                    "provider": ""
                },
                "aws_subnet.natdc.0": {
                    "type": "aws_subnet",
                    "depends_on": [
                        "aws_vpc.main"
                    ],
                    "primary": {
                        "id": "subnet-4e6c2038",
                        "attributes": {
                            "assign_ipv6_address_on_creation": "false",
                            "availability_zone": "us-west-2a",
                            "cidr_block": "10.124.96.0/22",
                            "id": "subnet-4e6c2038",
                            "map_public_ip_on_launch": "false",
                            "tags.%": "7",
                            "tags.KubernetesCluster": "us-west-2_jive-microservices-prod",
                            "tags.Name": "prod-natdc-subnet",
                            "tags.account_name": "jive-microservices-prod",
                            "tags.kubernetes.io/role/internal-elb": "us-west-2_jive-microservices-prod",
                            "tags.pipeline_phase": "prod",
                            "tags.region": "us-west-2",
                            "tags.sla": "prod",
                            "vpc_id": "vpc-ddd0d3b9"
                        },
                        "meta": {},
                        "tainted": false
                    },
                    "deposed": [],
                    "provider": ""
                },
                "aws_subnet.natdc.1": {
                    "type": "aws_subnet",
                    "depends_on": [
                        "aws_vpc.main"
                    ],
                    "primary": {
                        "id": "subnet-0596a361",
                        "attributes": {
                            "assign_ipv6_address_on_creation": "false",
                            "availability_zone": "us-west-2b",
                            "cidr_block": "10.124.100.0/22",
                            "id": "subnet-0596a361",
                            "map_public_ip_on_launch": "false",
                            "tags.%": "7",
                            "tags.KubernetesCluster": "us-west-2_jive-microservices-prod",
                            "tags.Name": "prod-natdc-subnet",
                            "tags.account_name": "jive-microservices-prod",
                            "tags.kubernetes.io/role/internal-elb": "us-west-2_jive-microservices-prod",
                            "tags.pipeline_phase": "prod",
                            "tags.region": "us-west-2",
                            "tags.sla": "prod",
                            "vpc_id": "vpc-ddd0d3b9"
                        },
                        "meta": {},
                        "tainted": false
                    },
                    "deposed": [],
                    "provider": ""
                },
                "aws_subnet.natdc.2": {
                    "type": "aws_subnet",
                    "depends_on": [
                        "aws_vpc.main"
                    ],
                    "primary": {
                        "id": "subnet-6a75f632",
                        "attributes": {
                            "assign_ipv6_address_on_creation": "false",
                            "availability_zone": "us-west-2c",
                            "cidr_block": "10.124.104.0/22",
                            "id": "subnet-6a75f632",
                            "map_public_ip_on_launch": "false",
                            "tags.%": "7",
                            "tags.KubernetesCluster": "us-west-2_jive-microservices-prod",
                            "tags.Name": "prod-natdc-subnet",
                            "tags.account_name": "jive-microservices-prod",
                            "tags.kubernetes.io/role/internal-elb": "us-west-2_jive-microservices-prod",
                            "tags.pipeline_phase": "prod",
                            "tags.region": "us-west-2",
                            "tags.sla": "prod",
                            "vpc_id": "vpc-ddd0d3b9"
                        },
                        "meta": {},
                        "tainted": false
                    },
                    "deposed": [],
                    "provider": ""
                },
                "aws_subnet.private.0": {
                    "type": "aws_subnet",
                    "depends_on": [
                        "aws_vpc.main"
                    ],
                    "primary": {
                        "id": "subnet-416c2037",
                        "attributes": {
                            "assign_ipv6_address_on_creation": "false",
                            "availability_zone": "us-west-2a",
                            "cidr_block": "10.124.109.128/25",
                            "id": "subnet-416c2037",
                            "map_public_ip_on_launch": "false",
                            "tags.%": "5",
                            "tags.Name": "prod-private-subnet",
                            "tags.account_name": "jive-microservices-prod",
                            "tags.pipeline_phase": "prod",
                            "tags.region": "us-west-2",
                            "tags.sla": "prod",
                            "vpc_id": "vpc-ddd0d3b9"
                        },
                        "meta": {},
                        "tainted": false
                    },
                    "deposed": [],
                    "provider": ""
                },
                "aws_subnet.private.1": {
                    "type": "aws_subnet",
                    "depends_on": [
                        "aws_vpc.main"
                    ],
                    "primary": {
                        "id": "subnet-0496a360",
                        "attributes": {
                            "assign_ipv6_address_on_creation": "false",
                            "availability_zone": "us-west-2b",
                            "cidr_block": "10.124.110.0/25",
                            "id": "subnet-0496a360",
                            "map_public_ip_on_launch": "false",
                            "tags.%": "5",
                            "tags.Name": "prod-private-subnet",
                            "tags.account_name": "jive-microservices-prod",
                            "tags.pipeline_phase": "prod",
                            "tags.region": "us-west-2",
                            "tags.sla": "prod",
                            "vpc_id": "vpc-ddd0d3b9"
                        },
                        "meta": {},
                        "tainted": false
                    },
                    "deposed": [],
                    "provider": ""
                },
                "aws_subnet.private.2": {
                    "type": "aws_subnet",
                    "depends_on": [
                        "aws_vpc.main"
                    ],
                    "primary": {
                        "id": "subnet-6875f630",
                        "attributes": {
                            "assign_ipv6_address_on_creation": "false",
                            "availability_zone": "us-west-2c",
                            "cidr_block": "10.124.110.128/25",
                            "id": "subnet-6875f630",
                            "map_public_ip_on_launch": "false",
                            "tags.%": "5",
                            "tags.Name": "prod-private-subnet",
                            "tags.account_name": "jive-microservices-prod",
                            "tags.pipeline_phase": "prod",
                            "tags.region": "us-west-2",
                            "tags.sla": "prod",
                            "vpc_id": "vpc-ddd0d3b9"
                        },
                        "meta": {},
                        "tainted": false
                    },
                    "deposed": [],
                    "provider": ""
                },
                "aws_subnet.public.0": {
                    "type": "aws_subnet",
                    "depends_on": [
                        "aws_vpc.main"
                    ],
                    "primary": {
                        "id": "subnet-4f6c2039",
                        "attributes": {
                            "assign_ipv6_address_on_creation": "false",
                            "availability_zone": "us-west-2a",
                            "cidr_block": "10.124.108.0/25",
                            "id": "subnet-4f6c2039",
                            "map_public_ip_on_launch": "false",
                            "tags.%": "6",
                            "tags.KubernetesCluster": "us-west-2_jive-microservices-prod",
                            "tags.Name": "prod-public-subnet",
                            "tags.account_name": "jive-microservices-prod",
                            "tags.pipeline_phase": "prod",
                            "tags.region": "us-west-2",
                            "tags.sla": "prod",
                            "vpc_id": "vpc-ddd0d3b9"
                        },
                        "meta": {},
                        "tainted": false
                    },
                    "deposed": [],
                    "provider": ""
                },
                "aws_subnet.public.1": {
                    "type": "aws_subnet",
                    "depends_on": [
                        "aws_vpc.main"
                    ],
                    "primary": {
                        "id": "subnet-0696a362",
                        "attributes": {
                            "assign_ipv6_address_on_creation": "false",
                            "availability_zone": "us-west-2b",
                            "cidr_block": "10.124.108.128/25",
                            "id": "subnet-0696a362",
                            "map_public_ip_on_launch": "false",
                            "tags.%": "6",
                            "tags.KubernetesCluster": "us-west-2_jive-microservices-prod",
                            "tags.Name": "prod-public-subnet",
                            "tags.account_name": "jive-microservices-prod",
                            "tags.pipeline_phase": "prod",
                            "tags.region": "us-west-2",
                            "tags.sla": "prod",
                            "vpc_id": "vpc-ddd0d3b9"
                        },
                        "meta": {},
                        "tainted": false
                    },
                    "deposed": [],
                    "provider": ""
                },
                "aws_subnet.public.2": {
                    "type": "aws_subnet",
                    "depends_on": [
                        "aws_vpc.main"
                    ],
                    "primary": {
                        "id": "subnet-6c75f634",
                        "attributes": {
                            "assign_ipv6_address_on_creation": "false",
                            "availability_zone": "us-west-2c",
                            "cidr_block": "10.124.109.0/25",
                            "id": "subnet-6c75f634",
                            "map_public_ip_on_launch": "false",
                            "tags.%": "6",
                            "tags.KubernetesCluster": "us-west-2_jive-microservices-prod",
                            "tags.Name": "prod-public-subnet",
                            "tags.account_name": "jive-microservices-prod",
                            "tags.pipeline_phase": "prod",
                            "tags.region": "us-west-2",
                            "tags.sla": "prod",
                            "vpc_id": "vpc-ddd0d3b9"
                        },
                        "meta": {},
                        "tainted": false
                    },
                    "deposed": [],
                    "provider": ""
                },
                "aws_vpc.main": {
                    "type": "aws_vpc",
                    "depends_on": [],
                    "primary": {
                        "id": "vpc-ddd0d3b9",
                        "attributes": {
                            "assign_generated_ipv6_cidr_block": "false",
                            "cidr_block": "10.124.96.0/20",
                            "default_network_acl_id": "acl-6d3ddc0a",
                            "default_route_table_id": "rtb-d2b472b5",
                            "default_security_group_id": "sg-fdd41684",
                            "dhcp_options_id": "dopt-bdb2d4d8",
                            "enable_classiclink": "false",
                            "enable_dns_hostnames": "true",
                            "enable_dns_support": "true",
                            "id": "vpc-ddd0d3b9",
                            "instance_tenancy": "default",
                            "main_route_table_id": "rtb-d2b472b5",
                            "tags.%": "5",
                            "tags.Name": "prod-vpc",
                            "tags.account_name": "jive-microservices-prod",
                            "tags.pipeline_phase": "prod",
                            "tags.region": "us-west-2",
                            "tags.sla": "prod"
                        },
                        "meta": {
                            "schema_version": "1"
                        },
                        "tainted": false
                    },
                    "deposed": [],
                    "provider": ""
                },
                "aws_vpc_peering_connection.bikou": {
                    "type": "aws_vpc_peering_connection",
                    "depends_on": [
                        "aws_vpc.main"
                    ],
                    "primary": {
                        "id": "pcx-ab1991c2",
                        "attributes": {
                            "accept_status": "active",
                            "accepter.#": "0",
                            "id": "pcx-ab1991c2",
                            "peer_owner_id": "417900408555",
                            "peer_vpc_id": "vpc-d3272bb6",
                            "requester.#": "1",
                            "requester.3244290774.allow_classic_link_to_remote_vpc": "false",
                            "requester.3244290774.allow_remote_vpc_dns_resolution": "false",
                            "requester.3244290774.allow_vpc_to_remote_classic_link": "false",
                            "tags.%": "5",
                            "tags.Name": "prod_to_bikou",
                            "tags.account_name": "jive-microservices-prod",
                            "tags.pipeline_phase": "prod",
                            "tags.region": "us-west-2",
                            "tags.sla": "prod",
                            "vpc_id": "vpc-ddd0d3b9"
                        },
                        "meta": {},
                        "tainted": false
                    },
                    "deposed": [],
                    "provider": ""
                },
                "aws_vpc_peering_connection.data_brewprod": {
                    "type": "aws_vpc_peering_connection",
                    "depends_on": [
                        "aws_vpc.main"
                    ],
                    "primary": {
                        "id": "pcx-e77bfc8e",
                        "attributes": {
                            "accept_status": "active",
                            "accepter.#": "0",
                            "id": "pcx-e77bfc8e",
                            "peer_owner_id": "409573287771",
                            "peer_vpc_id": "vpc-e818b28c",
                            "requester.#": "1",
                            "requester.3244290774.allow_classic_link_to_remote_vpc": "false",
                            "requester.3244290774.allow_remote_vpc_dns_resolution": "false",
                            "requester.3244290774.allow_vpc_to_remote_classic_link": "false",
                            "tags.%": "5",
                            "tags.Name": "prod_to_data_account_brewprod",
                            "tags.account_name": "jive-microservices-prod",
                            "tags.pipeline_phase": "prod",
                            "tags.region": "us-west-2",
                            "tags.sla": "prod",
                            "vpc_id": "vpc-ddd0d3b9"
                        },
                        "meta": {},
                        "tainted": false
                    },
                    "deposed": [],
                    "provider": ""
                },
                "aws_vpc_peering_connection.data_prod": {
                    "type": "aws_vpc_peering_connection",
                    "depends_on": [
                        "aws_vpc.main"
                    ],
                    "primary": {
                        "id": "pcx-f47bfc9d",
                        "attributes": {
                            "accept_status": "active",
                            "accepter.#": "0",
                            "id": "pcx-f47bfc9d",
                            "peer_owner_id": "467524913882",
                            "peer_vpc_id": "vpc-cc77c2a8",
                            "requester.#": "1",
                            "requester.3244290774.allow_classic_link_to_remote_vpc": "false",
                            "requester.3244290774.allow_remote_vpc_dns_resolution": "false",
                            "requester.3244290774.allow_vpc_to_remote_classic_link": "false",
                            "tags.%": "5",
                            "tags.Name": "prod_to_data_account_prod",
                            "tags.account_name": "jive-microservices-prod",
                            "tags.pipeline_phase": "prod",
                            "tags.region": "us-west-2",
                            "tags.sla": "prod",
                            "vpc_id": "vpc-ddd0d3b9"
                        },
                        "meta": {},
                        "tainted": false
                    },
                    "deposed": [],
                    "provider": ""
                },
                "aws_vpc_peering_connection.infra": {
                    "type": "aws_vpc_peering_connection",
                    "depends_on": [
                        "aws_vpc.main"
                    ],
                    "primary": {
                        "id": "pcx-f0a21c99",
                        "attributes": {
                            "accept_status": "active",
                            "accepter.#": "1",
                            "accepter.3244290774.allow_classic_link_to_remote_vpc": "false",
                            "accepter.3244290774.allow_remote_vpc_dns_resolution": "false",
                            "accepter.3244290774.allow_vpc_to_remote_classic_link": "false",
                            "auto_accept": "true",
                            "id": "pcx-f0a21c99",
                            "peer_owner_id": "663559125979",
                            "peer_vpc_id": "vpc-b04e2bd4",
                            "requester.#": "1",
                            "requester.3244290774.allow_classic_link_to_remote_vpc": "false",
                            "requester.3244290774.allow_remote_vpc_dns_resolution": "false",
                            "requester.3244290774.allow_vpc_to_remote_classic_link": "false",
                            "tags.%": "5",
                            "tags.Name": "prod_to_infra-jive-microservices-prod",
                            "tags.account_name": "jive-microservices-prod",
                            "tags.pipeline_phase": "prod",
                            "tags.region": "us-west-2",
                            "tags.sla": "prod",
                            "vpc_id": "vpc-ddd0d3b9"
                        },
                        "meta": {},
                        "tainted": false
                    },
                    "deposed": [],
                    "provider": ""
                },
                "aws_vpc_peering_connection.jcx": {
                    "type": "aws_vpc_peering_connection",
                    "depends_on": [
                        "aws_vpc.main"
                    ],
                    "primary": {
                        "id": "pcx-3026a159",
                        "attributes": {
                            "accept_status": "active",
                            "accepter.#": "1",
                            "accepter.3244290774.allow_classic_link_to_remote_vpc": "false",
                            "accepter.3244290774.allow_remote_vpc_dns_resolution": "false",
                            "accepter.3244290774.allow_vpc_to_remote_classic_link": "false",
                            "auto_accept": "true",
                            "id": "pcx-3026a159",
                            "peer_owner_id": "663559125979",
                            "peer_vpc_id": "vpc-d1e2f2b5",
                            "requester.#": "1",
                            "requester.3244290774.allow_classic_link_to_remote_vpc": "false",
                            "requester.3244290774.allow_remote_vpc_dns_resolution": "false",
                            "requester.3244290774.allow_vpc_to_remote_classic_link": "false",
                            "tags.%": "5",
                            "tags.Name": "prod_to_jcx_component_vpc",
                            "tags.account_name": "jive-microservices-prod",
                            "tags.pipeline_phase": "prod",
                            "tags.region": "us-west-2",
                            "tags.sla": "prod",
                            "vpc_id": "vpc-ddd0d3b9"
                        },
                        "meta": {},
                        "tainted": false
                    },
                    "deposed": [],
                    "provider": ""
                },
                "aws_vpc_peering_connection.ms_pipeline": {
                    "type": "aws_vpc_peering_connection",
                    "depends_on": [
                        "aws_vpc.main"
                    ],
                    "primary": {
                        "id": "pcx-1533b87c",
                        "attributes": {
                            "accept_status": "pending-acceptance",
                            "accepter.#": "0",
                            "id": "pcx-1533b87c",
                            "peer_owner_id": "811034720611",
                            "peer_vpc_id": "vpc-895e96ed",
                            "requester.#": "1",
                            "requester.3244290774.allow_classic_link_to_remote_vpc": "false",
                            "requester.3244290774.allow_remote_vpc_dns_resolution": "false",
                            "requester.3244290774.allow_vpc_to_remote_classic_link": "false",
                            "tags.%": "5",
                            "tags.Name": "prod_to_ms_pipeline",
                            "tags.account_name": "jive-microservices-prod",
                            "tags.pipeline_phase": "prod",
                            "tags.region": "us-west-2",
                            "tags.sla": "prod",
                            "vpc_id": "vpc-ddd0d3b9"
                        },
                        "meta": {},
                        "tainted": false
                    },
                    "deposed": [],
                    "provider": ""
                },
                "aws_vpc_peering_connection.reco_brewprod": {
                    "type": "aws_vpc_peering_connection",
                    "depends_on": [
                        "aws_vpc.main"
                    ],
                    "primary": {
                        "id": "pcx-a4800ccd",
                        "attributes": {
                            "accept_status": "active",
                            "accepter.#": "0",
                            "id": "pcx-a4800ccd",
                            "peer_owner_id": "549229563172",
                            "peer_vpc_id": "vpc-238d3947",
                            "requester.#": "1",
                            "requester.3244290774.allow_classic_link_to_remote_vpc": "false",
                            "requester.3244290774.allow_remote_vpc_dns_resolution": "false",
                            "requester.3244290774.allow_vpc_to_remote_classic_link": "false",
                            "tags.%": "5",
                            "tags.Name": "prod_to_reco_account_brewprod",
                            "tags.account_name": "jive-microservices-prod",
                            "tags.pipeline_phase": "prod",
                            "tags.region": "us-west-2",
                            "tags.sla": "prod",
                            "vpc_id": "vpc-ddd0d3b9"
                        },
                        "meta": {},
                        "tainted": false
                    },
                    "deposed": [],
                    "provider": ""
                },
                "aws_vpc_peering_connection.reco_prod": {
                    "type": "aws_vpc_peering_connection",
                    "depends_on": [
                        "aws_vpc.main"
                    ],
                    "primary": {
                        "id": "pcx-ebce4082",
                        "attributes": {
                            "accept_status": "active",
                            "accepter.#": "0",
                            "id": "pcx-ebce4082",
                            "peer_owner_id": "870846026232",
                            "peer_vpc_id": "vpc-e7883c83",
                            "requester.#": "1",
                            "requester.3244290774.allow_classic_link_to_remote_vpc": "false",
                            "requester.3244290774.allow_remote_vpc_dns_resolution": "false",
                            "requester.3244290774.allow_vpc_to_remote_classic_link": "false",
                            "tags.%": "5",
                            "tags.Name": "prod_to_reco_account_prod",
                            "tags.account_name": "jive-microservices-prod",
                            "tags.pipeline_phase": "prod",
                            "tags.region": "us-west-2",
                            "tags.sla": "prod",
                            "vpc_id": "vpc-ddd0d3b9"
                        },
                        "meta": {},
                        "tainted": false
                    },
                    "deposed": [],
                    "provider": ""
                },
                "aws_vpn_gateway.vgw": {
                    "type": "aws_vpn_gateway",
                    "depends_on": [
                        "aws_vpc.main"
                    ],
                    "primary": {
                        "id": "vgw-55449d4b",
                        "attributes": {
                            "availability_zone": "",
                            "id": "vgw-55449d4b",
                            "tags.%": "7",
                            "tags.Name": "prod-vgw",
                            "tags.account_name": "jive-microservices-prod",
                            "tags.jive_service": "infrastructure",
                            "tags.pipeline_phase": "prod",
                            "tags.region": "us-west-2",
                            "tags.service_component": "vpn_gateway",
                            "tags.sla": "prod",
                            "vpc_id": "vpc-ddd0d3b9"
                        },
                        "meta": {},
                        "tainted": false
                    },
                    "deposed": [],
                    "provider": ""
                },
                "data.aws_security_group.bastion": {
                    "type": "aws_security_group",
                    "depends_on": [],
                    "primary": {
                        "id": "sg-19329b7f",
                        "attributes": {
                            "filter.#": "1",
                            "filter.2632942459.name": "tag:Name",
                            "filter.2632942459.values.#": "1",
                            "filter.2632942459.values.3947287706": "infra-prod-jive-phx-dc",
                            "id": "sg-19329b7f",
                            "name": "infra-prod-jive-phx-dc",
                            "tags.%": "5",
                            "tags.Name": "infra-prod-jive-phx-dc",
                            "tags.account_name": "jive-microservices-prod",
                            "tags.pipeline_phase": "infra-prod",
                            "tags.region": "us-west-2",
                            "tags.sla": "prod",
                            "vpc_id": "vpc-b04e2bd4"
                        },
                        "meta": {},
                        "tainted": false
                    },
                    "deposed": [],
                    "provider": ""
                }
            },
            "depends_on": []
        }
    ]
}
