{
    "version": 3,
    "terraform_version": "0.9.2",
    "serial": 2,
    "lineage": "4d65a6de-4e19-4149-b55c-f1c00efce897",
    "modules": [
        {
            "path": [
                "root"
            ],
            "outputs": {},
            "resources": {
                "aws_eip.natgw.0": {
                    "type": "aws_eip",
                    "depends_on": [],
                    "primary": {
                        "id": "eipalloc-21b5981b",
                        "attributes": {
                            "association_id": "eipassoc-89cd58b4",
                            "domain": "vpc",
                            "id": "eipalloc-21b5981b",
                            "instance": "",
                            "network_interface": "eni-1d335821",
                            "private_ip": "10.122.28.23",
                            "public_ip": "34.210.252.250",
                            "vpc": "true"
                        },
                        "meta": {},
                        "tainted": false
                    },
                    "deposed": [],
                    "provider": ""
                },
                "aws_eip.natgw.1": {
                    "type": "aws_eip",
                    "depends_on": [],
                    "primary": {
                        "id": "eipalloc-73b79a49",
                        "attributes": {
                            "association_id": "eipassoc-a2c2579f",
                            "domain": "vpc",
                            "id": "eipalloc-73b79a49",
                            "instance": "",
                            "network_interface": "eni-f27b73d8",
                            "private_ip": "10.122.28.175",
                            "public_ip": "34.210.251.60",
                            "vpc": "true"
                        },
                        "meta": {},
                        "tainted": false
                    },
                    "deposed": [],
                    "provider": ""
                },
                "aws_eip.natgw.2": {
                    "type": "aws_eip",
                    "depends_on": [],
                    "primary": {
                        "id": "eipalloc-b4b19c8e",
                        "attributes": {
                            "association_id": "eipassoc-11c1542c",
                            "domain": "vpc",
                            "id": "eipalloc-b4b19c8e",
                            "instance": "",
                            "network_interface": "eni-b97fe0b7",
                            "private_ip": "10.122.29.118",
                            "public_ip": "34.211.190.191",
                            "vpc": "true"
                        },
                        "meta": {},
                        "tainted": false
                    },
                    "deposed": [],
                    "provider": ""
                },
                "aws_internet_gateway.igw": {
                    "type": "aws_internet_gateway",
                    "depends_on": [
                        "aws_vpc.main"
                    ],
                    "primary": {
                        "id": "igw-84db7de3",
                        "attributes": {
                            "id": "igw-84db7de3",
                            "tags.%": "5",
                            "tags.Name": "pipeline-devops-il-igw",
                            "tags.account_name": "jive-infra-pipeline",
                            "tags.pipeline_phase": "pipeline-devops-il",
                            "tags.region": "us-west-2",
                            "tags.sla": "non-prod",
                            "vpc_id": "vpc-f06e8796"
                        },
                        "meta": {},
                        "tainted": false
                    },
                    "deposed": [],
                    "provider": ""
                },
                "aws_nat_gateway.natgw.0": {
                    "type": "aws_nat_gateway",
                    "depends_on": [
                        "aws_eip.natgw.*",
                        "aws_internet_gateway.igw",
                        "aws_subnet.public.*"
                    ],
                    "primary": {
                        "id": "nat-090fbc3bc82675e1d",
                        "attributes": {
                            "allocation_id": "eipalloc-21b5981b",
                            "id": "nat-090fbc3bc82675e1d",
                            "network_interface_id": "eni-1d335821",
                            "private_ip": "10.122.28.23",
                            "public_ip": "34.210.252.250",
                            "subnet_id": "subnet-f4cb96bd"
                        },
                        "meta": {},
                        "tainted": false
                    },
                    "deposed": [],
                    "provider": ""
                },
                "aws_nat_gateway.natgw.1": {
                    "type": "aws_nat_gateway",
                    "depends_on": [
                        "aws_eip.natgw.*",
                        "aws_internet_gateway.igw",
                        "aws_subnet.public.*"
                    ],
                    "primary": {
                        "id": "nat-0dd07b0045bf70f99",
                        "attributes": {
                            "allocation_id": "eipalloc-73b79a49",
                            "id": "nat-0dd07b0045bf70f99",
                            "network_interface_id": "eni-f27b73d8",
                            "private_ip": "10.122.28.175",
                            "public_ip": "34.210.251.60",
                            "subnet_id": "subnet-0799a360"
                        },
                        "meta": {},
                        "tainted": false
                    },
                    "deposed": [],
                    "provider": ""
                },
                "aws_nat_gateway.natgw.2": {
                    "type": "aws_nat_gateway",
                    "depends_on": [
                        "aws_eip.natgw.*",
                        "aws_internet_gateway.igw",
                        "aws_subnet.public.*"
                    ],
                    "primary": {
                        "id": "nat-043f1462061cf6a5f",
                        "attributes": {
                            "allocation_id": "eipalloc-b4b19c8e",
                            "id": "nat-043f1462061cf6a5f",
                            "network_interface_id": "eni-b97fe0b7",
                            "private_ip": "10.122.29.118",
                            "public_ip": "34.211.190.191",
                            "subnet_id": "subnet-770fd52c"
                        },
                        "meta": {},
                        "tainted": false
                    },
                    "deposed": [],
                    "provider": ""
                },
                "aws_route.infra_natdc.0": {
                    "type": "aws_route",
                    "depends_on": [
                        "aws_vpc_peering_connection.infra"
                    ],
                    "primary": {
                        "id": "r-rtb-5ac9f93e3533119927",
                        "attributes": {
                            "destination_cidr_block": "10.122.16.0/20",
                            "destination_prefix_list_id": "",
                            "egress_only_gateway_id": "",
                            "gateway_id": "",
                            "id": "r-rtb-5ac9f93e3533119927",
                            "instance_id": "",
                            "instance_owner_id": "",
                            "nat_gateway_id": "",
                            "network_interface_id": "",
                            "origin": "CreateRoute",
                            "route_table_id": "rtb-5ac9f93e",
                            "state": "active",
                            "vpc_peering_connection_id": "pcx-9232a1fb"
                        },
                        "meta": {},
                        "tainted": false
                    },
                    "deposed": [],
                    "provider": ""
                },
                "aws_route.infra_natdc.1": {
                    "type": "aws_route",
                    "depends_on": [
                        "aws_vpc_peering_connection.infra"
                    ],
                    "primary": {
                        "id": "r-rtb-c09155a63533119927",
                        "attributes": {
                            "destination_cidr_block": "10.122.16.0/20",
                            "destination_prefix_list_id": "",
                            "egress_only_gateway_id": "",
                            "gateway_id": "",
                            "id": "r-rtb-c09155a63533119927",
                            "instance_id": "",
                            "instance_owner_id": "",
                            "nat_gateway_id": "",
                            "network_interface_id": "",
                            "origin": "CreateRoute",
                            "route_table_id": "rtb-c09155a6",
                            "state": "active",
                            "vpc_peering_connection_id": "pcx-9232a1fb"
                        },
                        "meta": {},
                        "tainted": false
                    },
                    "deposed": [],
                    "provider": ""
                },
                "aws_route.infra_natdc.2": {
                    "type": "aws_route",
                    "depends_on": [
                        "aws_vpc_peering_connection.infra"
                    ],
                    "primary": {
                        "id": "r-rtb-0c92566a3533119927",
                        "attributes": {
                            "destination_cidr_block": "10.122.16.0/20",
                            "destination_prefix_list_id": "",
                            "egress_only_gateway_id": "",
                            "gateway_id": "",
                            "id": "r-rtb-0c92566a3533119927",
                            "instance_id": "",
                            "instance_owner_id": "",
                            "nat_gateway_id": "",
                            "network_interface_id": "",
                            "origin": "CreateRoute",
                            "route_table_id": "rtb-0c92566a",
                            "state": "active",
                            "vpc_peering_connection_id": "pcx-9232a1fb"
                        },
                        "meta": {},
                        "tainted": false
                    },
                    "deposed": [],
                    "provider": ""
                },
                "aws_route.infra_private": {
                    "type": "aws_route",
                    "depends_on": [
                        "aws_vpc_peering_connection.infra"
                    ],
                    "primary": {
                        "id": "r-rtb-13c8f8773533119927",
                        "attributes": {
                            "destination_cidr_block": "10.122.16.0/20",
                            "destination_prefix_list_id": "",
                            "egress_only_gateway_id": "",
                            "gateway_id": "",
                            "id": "r-rtb-13c8f8773533119927",
                            "instance_id": "",
                            "instance_owner_id": "",
                            "nat_gateway_id": "",
                            "network_interface_id": "",
                            "origin": "CreateRoute",
                            "route_table_id": "rtb-13c8f877",
                            "state": "active",
                            "vpc_peering_connection_id": "pcx-9232a1fb"
                        },
                        "meta": {},
                        "tainted": false
                    },
                    "deposed": [],
                    "provider": ""
                },
                "aws_route.infra_public": {
                    "type": "aws_route",
                    "depends_on": [
                        "aws_vpc_peering_connection.infra"
                    ],
                    "primary": {
                        "id": "r-rtb-1ec8f87a3533119927",
                        "attributes": {
                            "destination_cidr_block": "10.122.16.0/20",
                            "destination_prefix_list_id": "",
                            "egress_only_gateway_id": "",
                            "gateway_id": "",
                            "id": "r-rtb-1ec8f87a3533119927",
                            "instance_id": "",
                            "instance_owner_id": "",
                            "nat_gateway_id": "",
                            "network_interface_id": "",
                            "origin": "CreateRoute",
                            "route_table_id": "rtb-1ec8f87a",
                            "state": "active",
                            "vpc_peering_connection_id": "pcx-9232a1fb"
                        },
                        "meta": {},
                        "tainted": false
                    },
                    "deposed": [],
                    "provider": ""
                },
                "aws_route53_zone_association.route53": {
                    "type": "aws_route53_zone_association",
                    "depends_on": [
                        "aws_vpc.main"
                    ],
                    "primary": {
                        "id": "Z3EI1CWJSFIPAM:vpc-f06e8796",
                        "attributes": {
                            "id": "Z3EI1CWJSFIPAM:vpc-f06e8796",
                            "vpc_id": "vpc-f06e8796",
                            "vpc_region": "us-west-2",
                            "zone_id": "Z3EI1CWJSFIPAM"
                        },
                        "meta": {},
                        "tainted": false
                    },
                    "deposed": [],
                    "provider": ""
                },
                "aws_route_table.natdc.0": {
                    "type": "aws_route_table",
                    "depends_on": [
                        "aws_nat_gateway.natgw.*",
                        "aws_vpc.main",
                        "aws_vpc_peering_connection.infra",
                        "aws_vpn_gateway.vgw"
                    ],
                    "primary": {
                        "id": "rtb-79721a1f",
                        "attributes": {
                            "id": "rtb-79721a1f",
                            "propagating_vgws.#": "1",
                            "propagating_vgws.3378401415": "vgw-8a11ca94",
                            "route.#": "2",
                            "route.1816614341.cidr_block": "0.0.0.0/0",
                            "route.1816614341.egress_only_gateway_id": "",
                            "route.1816614341.gateway_id": "",
                            "route.1816614341.instance_id": "",
                            "route.1816614341.ipv6_cidr_block": "",
                            "route.1816614341.nat_gateway_id": "nat-090fbc3bc82675e1d",
                            "route.1816614341.network_interface_id": "",
                            "route.1816614341.vpc_peering_connection_id": "",
                            "route.2557072718.cidr_block": "10.127.63.7/32",
                            "route.2557072718.egress_only_gateway_id": "",
                            "route.2557072718.gateway_id": "",
                            "route.2557072718.instance_id": "",
                            "route.2557072718.ipv6_cidr_block": "",
                            "route.2557072718.nat_gateway_id": "",
                            "route.2557072718.network_interface_id": "",
                            "route.2557072718.vpc_peering_connection_id": "pcx-9232a1fb",
                            "tags.%": "5",
                            "tags.Name": "pipeline-devops-il-natdc-routetable",
                            "tags.account_name": "jive-infra-pipeline",
                            "tags.pipeline_phase": "pipeline-devops-il",
                            "tags.region": "us-west-2",
                            "tags.sla": "non-prod",
                            "vpc_id": "vpc-f06e8796"
                        },
                        "meta": {},
                        "tainted": false
                    },
                    "deposed": [],
                    "provider": ""
                },
                "aws_route_table.natdc.1": {
                    "type": "aws_route_table",
                    "depends_on": [
                        "aws_nat_gateway.natgw.*",
                        "aws_vpc.main",
                        "aws_vpc_peering_connection.infra",
                        "aws_vpn_gateway.vgw"
                    ],
                    "primary": {
                        "id": "rtb-95751df3",
                        "attributes": {
                            "id": "rtb-95751df3",
                            "propagating_vgws.#": "1",
                            "propagating_vgws.3378401415": "vgw-8a11ca94",
                            "route.#": "2",
                            "route.2557072718.cidr_block": "10.127.63.7/32",
                            "route.2557072718.egress_only_gateway_id": "",
                            "route.2557072718.gateway_id": "",
                            "route.2557072718.instance_id": "",
                            "route.2557072718.ipv6_cidr_block": "",
                            "route.2557072718.nat_gateway_id": "",
                            "route.2557072718.network_interface_id": "",
                            "route.2557072718.vpc_peering_connection_id": "pcx-9232a1fb",
                            "route.4232393553.cidr_block": "0.0.0.0/0",
                            "route.4232393553.egress_only_gateway_id": "",
                            "route.4232393553.gateway_id": "",
                            "route.4232393553.instance_id": "",
                            "route.4232393553.ipv6_cidr_block": "",
                            "route.4232393553.nat_gateway_id": "nat-0dd07b0045bf70f99",
                            "route.4232393553.network_interface_id": "",
                            "route.4232393553.vpc_peering_connection_id": "",
                            "tags.%": "5",
                            "tags.Name": "pipeline-devops-il-natdc-routetable",
                            "tags.account_name": "jive-infra-pipeline",
                            "tags.pipeline_phase": "pipeline-devops-il",
                            "tags.region": "us-west-2",
                            "tags.sla": "non-prod",
                            "vpc_id": "vpc-f06e8796"
                        },
                        "meta": {},
                        "tainted": false
                    },
                    "deposed": [],
                    "provider": ""
                },
                "aws_route_table.natdc.2": {
                    "type": "aws_route_table",
                    "depends_on": [
                        "aws_nat_gateway.natgw.*",
                        "aws_vpc.main",
                        "aws_vpc_peering_connection.infra",
                        "aws_vpn_gateway.vgw"
                    ],
                    "primary": {
                        "id": "rtb-ad7119cb",
                        "attributes": {
                            "id": "rtb-ad7119cb",
                            "propagating_vgws.#": "1",
                            "propagating_vgws.3378401415": "vgw-8a11ca94",
                            "route.#": "2",
                            "route.1859587938.cidr_block": "0.0.0.0/0",
                            "route.1859587938.egress_only_gateway_id": "",
                            "route.1859587938.gateway_id": "",
                            "route.1859587938.instance_id": "",
                            "route.1859587938.ipv6_cidr_block": "",
                            "route.1859587938.nat_gateway_id": "nat-043f1462061cf6a5f",
                            "route.1859587938.network_interface_id": "",
                            "route.1859587938.vpc_peering_connection_id": "",
                            "route.2557072718.cidr_block": "10.127.63.7/32",
                            "route.2557072718.egress_only_gateway_id": "",
                            "route.2557072718.gateway_id": "",
                            "route.2557072718.instance_id": "",
                            "route.2557072718.ipv6_cidr_block": "",
                            "route.2557072718.nat_gateway_id": "",
                            "route.2557072718.network_interface_id": "",
                            "route.2557072718.vpc_peering_connection_id": "pcx-9232a1fb",
                            "tags.%": "5",
                            "tags.Name": "pipeline-devops-il-natdc-routetable",
                            "tags.account_name": "jive-infra-pipeline",
                            "tags.pipeline_phase": "pipeline-devops-il",
                            "tags.region": "us-west-2",
                            "tags.sla": "non-prod",
                            "vpc_id": "vpc-f06e8796"
                        },
                        "meta": {},
                        "tainted": false
                    },
                    "deposed": [],
                    "provider": ""
                },
                "aws_route_table.private": {
                    "type": "aws_route_table",
                    "depends_on": [
                        "aws_vpc.main",
                        "aws_vpc_peering_connection.infra"
                    ],
                    "primary": {
                        "id": "rtb-16721a70",
                        "attributes": {
                            "id": "rtb-16721a70",
                            "propagating_vgws.#": "0",
                            "route.#": "1",
                            "route.2557072718.cidr_block": "10.127.63.7/32",
                            "route.2557072718.egress_only_gateway_id": "",
                            "route.2557072718.gateway_id": "",
                            "route.2557072718.instance_id": "",
                            "route.2557072718.ipv6_cidr_block": "",
                            "route.2557072718.nat_gateway_id": "",
                            "route.2557072718.network_interface_id": "",
                            "route.2557072718.vpc_peering_connection_id": "pcx-9232a1fb",
                            "tags.%": "5",
                            "tags.Name": "pipeline-devops-il-private-routetable",
                            "tags.account_name": "jive-infra-pipeline",
                            "tags.pipeline_phase": "pipeline-devops-il",
                            "tags.region": "us-west-2",
                            "tags.sla": "non-prod",
                            "vpc_id": "vpc-f06e8796"
                        },
                        "meta": {},
                        "tainted": false
                    },
                    "deposed": [],
                    "provider": ""
                },
                "aws_route_table.public": {
                    "type": "aws_route_table",
                    "depends_on": [
                        "aws_internet_gateway.igw",
                        "aws_vpc.main",
                        "aws_vpc_peering_connection.infra"
                    ],
                    "primary": {
                        "id": "rtb-5f701839",
                        "attributes": {
                            "id": "rtb-5f701839",
                            "propagating_vgws.#": "0",
                            "route.#": "2",
                            "route.1821563270.cidr_block": "0.0.0.0/0",
                            "route.1821563270.egress_only_gateway_id": "",
                            "route.1821563270.gateway_id": "igw-84db7de3",
                            "route.1821563270.instance_id": "",
                            "route.1821563270.ipv6_cidr_block": "",
                            "route.1821563270.nat_gateway_id": "",
                            "route.1821563270.network_interface_id": "",
                            "route.1821563270.vpc_peering_connection_id": "",
                            "route.2557072718.cidr_block": "10.127.63.7/32",
                            "route.2557072718.egress_only_gateway_id": "",
                            "route.2557072718.gateway_id": "",
                            "route.2557072718.instance_id": "",
                            "route.2557072718.ipv6_cidr_block": "",
                            "route.2557072718.nat_gateway_id": "",
                            "route.2557072718.network_interface_id": "",
                            "route.2557072718.vpc_peering_connection_id": "pcx-9232a1fb",
                            "tags.%": "6",
                            "tags.KubernetesCluster": "us-west-2_jive-infra-pipeline-devopsil",
                            "tags.Name": "pipeline-devops-il-public-routetable",
                            "tags.account_name": "jive-infra-pipeline",
                            "tags.pipeline_phase": "pipeline-devops-il",
                            "tags.region": "us-west-2",
                            "tags.sla": "non-prod",
                            "vpc_id": "vpc-f06e8796"
                        },
                        "meta": {},
                        "tainted": false
                    },
                    "deposed": [],
                    "provider": ""
                },
                "aws_route_table_association.natdc.0": {
                    "type": "aws_route_table_association",
                    "depends_on": [
                        "aws_route_table.natdc.*",
                        "aws_subnet.natdc.*"
                    ],
                    "primary": {
                        "id": "rtbassoc-2d2c5354",
                        "attributes": {
                            "id": "rtbassoc-2d2c5354",
                            "route_table_id": "rtb-79721a1f",
                            "subnet_id": "subnet-05cf924c"
                        },
                        "meta": {},
                        "tainted": false
                    },
                    "deposed": [],
                    "provider": ""
                },
                "aws_route_table_association.natdc.1": {
                    "type": "aws_route_table_association",
                    "depends_on": [
                        "aws_route_table.natdc.*",
                        "aws_subnet.natdc.*"
                    ],
                    "primary": {
                        "id": "rtbassoc-7e2b5407",
                        "attributes": {
                            "id": "rtbassoc-7e2b5407",
                            "route_table_id": "rtb-95751df3",
                            "subnet_id": "subnet-b89da7df"
                        },
                        "meta": {},
                        "tainted": false
                    },
                    "deposed": [],
                    "provider": ""
                },
                "aws_route_table_association.natdc.2": {
                    "type": "aws_route_table_association",
                    "depends_on": [
                        "aws_route_table.natdc.*",
                        "aws_subnet.natdc.*"
                    ],
                    "primary": {
                        "id": "rtbassoc-e12d5298",
                        "attributes": {
                            "id": "rtbassoc-e12d5298",
                            "route_table_id": "rtb-ad7119cb",
                            "subnet_id": "subnet-420bd119"
                        },
                        "meta": {},
                        "tainted": false
                    },
                    "deposed": [],
                    "provider": ""
                },
                "aws_route_table_association.private.0": {
                    "type": "aws_route_table_association",
                    "depends_on": [
                        "aws_route_table.private",
                        "aws_subnet.private.*"
                    ],
                    "primary": {
                        "id": "rtbassoc-b92e51c0",
                        "attributes": {
                            "id": "rtbassoc-b92e51c0",
                            "route_table_id": "rtb-16721a70",
                            "subnet_id": "subnet-02cf924b"
                        },
                        "meta": {},
                        "tainted": false
                    },
                    "deposed": [],
                    "provider": ""
                },
                "aws_route_table_association.private.1": {
                    "type": "aws_route_table_association",
                    "depends_on": [
                        "aws_route_table.private",
                        "aws_subnet.private.*"
                    ],
                    "primary": {
                        "id": "rtbassoc-192e5160",
                        "attributes": {
                            "id": "rtbassoc-192e5160",
                            "route_table_id": "rtb-16721a70",
                            "subnet_id": "subnet-8c9ea4eb"
                        },
                        "meta": {},
                        "tainted": false
                    },
                    "deposed": [],
                    "provider": ""
                },
                "aws_route_table_association.private.2": {
                    "type": "aws_route_table_association",
                    "depends_on": [
                        "aws_route_table.private",
                        "aws_subnet.private.*"
                    ],
                    "primary": {
                        "id": "rtbassoc-ce314eb7",
                        "attributes": {
                            "id": "rtbassoc-ce314eb7",
                            "route_table_id": "rtb-16721a70",
                            "subnet_id": "subnet-920ed4c9"
                        },
                        "meta": {},
                        "tainted": false
                    },
                    "deposed": [],
                    "provider": ""
                },
                "aws_route_table_association.public.0": {
                    "type": "aws_route_table_association",
                    "depends_on": [
                        "aws_route_table.public",
                        "aws_subnet.public.*"
                    ],
                    "primary": {
                        "id": "rtbassoc-c1314eb8",
                        "attributes": {
                            "id": "rtbassoc-c1314eb8",
                            "route_table_id": "rtb-5f701839",
                            "subnet_id": "subnet-f4cb96bd"
                        },
                        "meta": {},
                        "tainted": false
                    },
                    "deposed": [],
                    "provider": ""
                },
                "aws_route_table_association.public.1": {
                    "type": "aws_route_table_association",
                    "depends_on": [
                        "aws_route_table.public",
                        "aws_subnet.public.*"
                    ],
                    "primary": {
                        "id": "rtbassoc-1e2b5467",
                        "attributes": {
                            "id": "rtbassoc-1e2b5467",
                            "route_table_id": "rtb-5f701839",
                            "subnet_id": "subnet-0799a360"
                        },
                        "meta": {},
                        "tainted": false
                    },
                    "deposed": [],
                    "provider": ""
                },
                "aws_route_table_association.public.2": {
                    "type": "aws_route_table_association",
                    "depends_on": [
                        "aws_route_table.public",
                        "aws_subnet.public.*"
                    ],
                    "primary": {
                        "id": "rtbassoc-c52b54bc",
                        "attributes": {
                            "id": "rtbassoc-c52b54bc",
                            "route_table_id": "rtb-5f701839",
                            "subnet_id": "subnet-770fd52c"
                        },
                        "meta": {},
                        "tainted": false
                    },
                    "deposed": [],
                    "provider": ""
                },
                "aws_security_group.admin_instance": {
                    "type": "aws_security_group",
                    "depends_on": [
                        "aws_vpc.main"
                    ],
                    "primary": {
                        "id": "sg-4cc3d237",
                        "attributes": {
                            "description": "Admin instances for the VPC",
                            "egress.#": "0",
                            "id": "sg-4cc3d237",
                            "ingress.#": "0",
                            "name": "pipeline-devops-il-admin-instance",
                            "owner_id": "517449413234",
                            "tags.%": "5",
                            "tags.Name": "pipeline-devops-il-admin-instance",
                            "tags.account_name": "jive-infra-pipeline",
                            "tags.pipeline_phase": "pipeline-devops-il",
                            "tags.region": "us-west-2",
                            "tags.sla": "non-prod",
                            "vpc_id": "vpc-f06e8796"
                        },
                        "meta": {},
                        "tainted": false
                    },
                    "deposed": [],
                    "provider": ""
                },
                "aws_security_group.env_instance": {
                    "type": "aws_security_group",
                    "depends_on": [
                        "aws_vpc.main",
                        "data.aws_security_group.bastion"
                    ],
                    "primary": {
                        "id": "sg-3dc1d046",
                        "attributes": {
                            "description": "All instances within the evironment",
                            "egress.#": "1",
                            "egress.482069346.cidr_blocks.#": "1",
                            "egress.482069346.cidr_blocks.0": "0.0.0.0/0",
                            "egress.482069346.from_port": "0",
                            "egress.482069346.ipv6_cidr_blocks.#": "0",
                            "egress.482069346.prefix_list_ids.#": "0",
                            "egress.482069346.protocol": "-1",
                            "egress.482069346.security_groups.#": "0",
                            "egress.482069346.self": "false",
                            "egress.482069346.to_port": "0",
                            "id": "sg-3dc1d046",
                            "ingress.#": "3",
                            "ingress.2018012615.cidr_blocks.#": "0",
                            "ingress.2018012615.from_port": "22",
                            "ingress.2018012615.ipv6_cidr_blocks.#": "0",
                            "ingress.2018012615.protocol": "tcp",
                            "ingress.2018012615.security_groups.#": "1",
                            "ingress.2018012615.security_groups.461368761": "sg-e5aade83",
                            "ingress.2018012615.self": "false",
                            "ingress.2018012615.to_port": "22",
                            "ingress.3280021429.cidr_blocks.#": "1",
                            "ingress.3280021429.cidr_blocks.0": "10.0.0.0/8",
                            "ingress.3280021429.from_port": "8",
                            "ingress.3280021429.ipv6_cidr_blocks.#": "0",
                            "ingress.3280021429.protocol": "icmp",
                            "ingress.3280021429.security_groups.#": "0",
                            "ingress.3280021429.self": "false",
                            "ingress.3280021429.to_port": "0",
                            "ingress.3309089380.cidr_blocks.#": "0",
                            "ingress.3309089380.from_port": "8",
                            "ingress.3309089380.ipv6_cidr_blocks.#": "0",
                            "ingress.3309089380.protocol": "icmp",
                            "ingress.3309089380.security_groups.#": "1",
                            "ingress.3309089380.security_groups.461368761": "sg-e5aade83",
                            "ingress.3309089380.self": "false",
                            "ingress.3309089380.to_port": "0",
                            "name": "pipeline-devops-il-instance",
                            "owner_id": "517449413234",
                            "tags.%": "5",
                            "tags.Name": "pipeline-devops-il-instance",
                            "tags.account_name": "jive-infra-pipeline",
                            "tags.pipeline_phase": "pipeline-devops-il",
                            "tags.region": "us-west-2",
                            "tags.sla": "non-prod",
                            "vpc_id": "vpc-f06e8796"
                        },
                        "meta": {},
                        "tainted": false
                    },
                    "deposed": [],
                    "provider": ""
                },
                "aws_security_group.natgw_instance": {
                    "type": "aws_security_group",
                    "depends_on": [
                        "aws_security_group.env_instance",
                        "aws_vpc.main"
                    ],
                    "primary": {
                        "id": "sg-42c3d239",
                        "attributes": {
                            "description": "Members of this SG are allowed to send any type of traffic to the NAT Box.",
                            "egress.#": "0",
                            "id": "sg-42c3d239",
                            "ingress.#": "1",
                            "ingress.2960717770.cidr_blocks.#": "0",
                            "ingress.2960717770.from_port": "0",
                            "ingress.2960717770.ipv6_cidr_blocks.#": "0",
                            "ingress.2960717770.protocol": "-1",
                            "ingress.2960717770.security_groups.#": "1",
                            "ingress.2960717770.security_groups.3471297763": "sg-3dc1d046",
                            "ingress.2960717770.self": "false",
                            "ingress.2960717770.to_port": "0",
                            "name": "pipeline-devops-il-natgw-instance",
                            "owner_id": "517449413234",
                            "tags.%": "5",
                            "tags.Name": "pipeline-devops-il-natgw-instance",
                            "tags.account_name": "jive-infra-pipeline",
                            "tags.pipeline_phase": "pipeline-devops-il",
                            "tags.region": "us-west-2",
                            "tags.sla": "non-prod",
                            "vpc_id": "vpc-f06e8796"
                        },
                        "meta": {},
                        "tainted": false
                    },
                    "deposed": [],
                    "provider": ""
                },
                "aws_subnet.natdc.0": {
                    "type": "aws_subnet",
                    "depends_on": [
                        "aws_vpc.main"
                    ],
                    "primary": {
                        "id": "subnet-05cf924c",
                        "attributes": {
                            "assign_ipv6_address_on_creation": "false",
                            "availability_zone": "us-west-2a",
                            "cidr_block": "10.122.16.0/22",
                            "id": "subnet-05cf924c",
                            "map_public_ip_on_launch": "false",
                            "tags.%": "7",
                            "tags.KubernetesCluster": "us-west-2_jive-infra-pipeline-devopsil",
                            "tags.Name": "pipeline-devops-il-natdc-subnet",
                            "tags.account_name": "jive-infra-pipeline",
                            "tags.kubernetes.io/role/internal-elb": "us-west-2_jive-infra-pipeline-devopsil",
                            "tags.pipeline_phase": "pipeline-devops-il",
                            "tags.region": "us-west-2",
                            "tags.sla": "non-prod",
                            "vpc_id": "vpc-f06e8796"
                        },
                        "meta": {},
                        "tainted": false
                    },
                    "deposed": [],
                    "provider": ""
                },
                "aws_subnet.natdc.1": {
                    "type": "aws_subnet",
                    "depends_on": [
                        "aws_vpc.main"
                    ],
                    "primary": {
                        "id": "subnet-b89da7df",
                        "attributes": {
                            "assign_ipv6_address_on_creation": "false",
                            "availability_zone": "us-west-2b",
                            "cidr_block": "10.122.20.0/22",
                            "id": "subnet-b89da7df",
                            "map_public_ip_on_launch": "false",
                            "tags.%": "7",
                            "tags.KubernetesCluster": "us-west-2_jive-infra-pipeline-devopsil",
                            "tags.Name": "pipeline-devops-il-natdc-subnet",
                            "tags.account_name": "jive-infra-pipeline",
                            "tags.kubernetes.io/role/internal-elb": "us-west-2_jive-infra-pipeline-devopsil",
                            "tags.pipeline_phase": "pipeline-devops-il",
                            "tags.region": "us-west-2",
                            "tags.sla": "non-prod",
                            "vpc_id": "vpc-f06e8796"
                        },
                        "meta": {},
                        "tainted": false
                    },
                    "deposed": [],
                    "provider": ""
                },
                "aws_subnet.natdc.2": {
                    "type": "aws_subnet",
                    "depends_on": [
                        "aws_vpc.main"
                    ],
                    "primary": {
                        "id": "subnet-420bd119",
                        "attributes": {
                            "assign_ipv6_address_on_creation": "false",
                            "availability_zone": "us-west-2c",
                            "cidr_block": "10.122.24.0/22",
                            "id": "subnet-420bd119",
                            "map_public_ip_on_launch": "false",
                            "tags.%": "7",
                            "tags.KubernetesCluster": "us-west-2_jive-infra-pipeline-devopsil",
                            "tags.Name": "pipeline-devops-il-natdc-subnet",
                            "tags.account_name": "jive-infra-pipeline",
                            "tags.kubernetes.io/role/internal-elb": "us-west-2_jive-infra-pipeline-devopsil",
                            "tags.pipeline_phase": "pipeline-devops-il",
                            "tags.region": "us-west-2",
                            "tags.sla": "non-prod",
                            "vpc_id": "vpc-f06e8796"
                        },
                        "meta": {},
                        "tainted": false
                    },
                    "deposed": [],
                    "provider": ""
                },
                "aws_subnet.private.0": {
                    "type": "aws_subnet",
                    "depends_on": [
                        "aws_vpc.main"
                    ],
                    "primary": {
                        "id": "subnet-02cf924b",
                        "attributes": {
                            "assign_ipv6_address_on_creation": "false",
                            "availability_zone": "us-west-2a",
                            "cidr_block": "10.122.29.128/25",
                            "id": "subnet-02cf924b",
                            "map_public_ip_on_launch": "false",
                            "tags.%": "5",
                            "tags.Name": "pipeline-devops-il-private-subnet",
                            "tags.account_name": "jive-infra-pipeline",
                            "tags.pipeline_phase": "pipeline-devops-il",
                            "tags.region": "us-west-2",
                            "tags.sla": "non-prod",
                            "vpc_id": "vpc-f06e8796"
                        },
                        "meta": {},
                        "tainted": false
                    },
                    "deposed": [],
                    "provider": ""
                },
                "aws_subnet.private.1": {
                    "type": "aws_subnet",
                    "depends_on": [
                        "aws_vpc.main"
                    ],
                    "primary": {
                        "id": "subnet-8c9ea4eb",
                        "attributes": {
                            "assign_ipv6_address_on_creation": "false",
                            "availability_zone": "us-west-2b",
                            "cidr_block": "10.122.30.0/25",
                            "id": "subnet-8c9ea4eb",
                            "map_public_ip_on_launch": "false",
                            "tags.%": "5",
                            "tags.Name": "pipeline-devops-il-private-subnet",
                            "tags.account_name": "jive-infra-pipeline",
                            "tags.pipeline_phase": "pipeline-devops-il",
                            "tags.region": "us-west-2",
                            "tags.sla": "non-prod",
                            "vpc_id": "vpc-f06e8796"
                        },
                        "meta": {},
                        "tainted": false
                    },
                    "deposed": [],
                    "provider": ""
                },
                "aws_subnet.private.2": {
                    "type": "aws_subnet",
                    "depends_on": [
                        "aws_vpc.main"
                    ],
                    "primary": {
                        "id": "subnet-920ed4c9",
                        "attributes": {
                            "assign_ipv6_address_on_creation": "false",
                            "availability_zone": "us-west-2c",
                            "cidr_block": "10.122.30.128/25",
                            "id": "subnet-920ed4c9",
                            "map_public_ip_on_launch": "false",
                            "tags.%": "5",
                            "tags.Name": "pipeline-devops-il-private-subnet",
                            "tags.account_name": "jive-infra-pipeline",
                            "tags.pipeline_phase": "pipeline-devops-il",
                            "tags.region": "us-west-2",
                            "tags.sla": "non-prod",
                            "vpc_id": "vpc-f06e8796"
                        },
                        "meta": {},
                        "tainted": false
                    },
                    "deposed": [],
                    "provider": ""
                },
                "aws_subnet.public.0": {
                    "type": "aws_subnet",
                    "depends_on": [
                        "aws_vpc.main"
                    ],
                    "primary": {
                        "id": "subnet-f4cb96bd",
                        "attributes": {
                            "assign_ipv6_address_on_creation": "false",
                            "availability_zone": "us-west-2a",
                            "cidr_block": "10.122.28.0/25",
                            "id": "subnet-f4cb96bd",
                            "map_public_ip_on_launch": "false",
                            "tags.%": "6",
                            "tags.KubernetesCluster": "us-west-2_jive-infra-pipeline-devopsil",
                            "tags.Name": "pipeline-devops-il-public-subnet",
                            "tags.account_name": "jive-infra-pipeline",
                            "tags.pipeline_phase": "pipeline-devops-il",
                            "tags.region": "us-west-2",
                            "tags.sla": "non-prod",
                            "vpc_id": "vpc-f06e8796"
                        },
                        "meta": {},
                        "tainted": false
                    },
                    "deposed": [],
                    "provider": ""
                },
                "aws_subnet.public.1": {
                    "type": "aws_subnet",
                    "depends_on": [
                        "aws_vpc.main"
                    ],
                    "primary": {
                        "id": "subnet-0799a360",
                        "attributes": {
                            "assign_ipv6_address_on_creation": "false",
                            "availability_zone": "us-west-2b",
                            "cidr_block": "10.122.28.128/25",
                            "id": "subnet-0799a360",
                            "map_public_ip_on_launch": "false",
                            "tags.%": "6",
                            "tags.KubernetesCluster": "us-west-2_jive-infra-pipeline-devopsil",
                            "tags.Name": "pipeline-devops-il-public-subnet",
                            "tags.account_name": "jive-infra-pipeline",
                            "tags.pipeline_phase": "pipeline-devops-il",
                            "tags.region": "us-west-2",
                            "tags.sla": "non-prod",
                            "vpc_id": "vpc-f06e8796"
                        },
                        "meta": {},
                        "tainted": false
                    },
                    "deposed": [],
                    "provider": ""
                },
                "aws_subnet.public.2": {
                    "type": "aws_subnet",
                    "depends_on": [
                        "aws_vpc.main"
                    ],
                    "primary": {
                        "id": "subnet-770fd52c",
                        "attributes": {
                            "assign_ipv6_address_on_creation": "false",
                            "availability_zone": "us-west-2c",
                            "cidr_block": "10.122.29.0/25",
                            "id": "subnet-770fd52c",
                            "map_public_ip_on_launch": "false",
                            "tags.%": "6",
                            "tags.KubernetesCluster": "us-west-2_jive-infra-pipeline-devopsil",
                            "tags.Name": "pipeline-devops-il-public-subnet",
                            "tags.account_name": "jive-infra-pipeline",
                            "tags.pipeline_phase": "pipeline-devops-il",
                            "tags.region": "us-west-2",
                            "tags.sla": "non-prod",
                            "vpc_id": "vpc-f06e8796"
                        },
                        "meta": {},
                        "tainted": false
                    },
                    "deposed": [],
                    "provider": ""
                },
                "aws_vpc.main": {
                    "type": "aws_vpc",
                    "depends_on": [],
                    "primary": {
                        "id": "vpc-f06e8796",
                        "attributes": {
                            "assign_generated_ipv6_cidr_block": "false",
                            "cidr_block": "10.122.16.0/20",
                            "default_network_acl_id": "acl-2366d345",
                            "default_route_table_id": "rtb-887018ee",
                            "default_security_group_id": "sg-1fdccd64",
                            "dhcp_options_id": "dopt-bcf914d8",
                            "enable_classiclink": "false",
                            "enable_dns_hostnames": "true",
                            "enable_dns_support": "true",
                            "id": "vpc-f06e8796",
                            "instance_tenancy": "default",
                            "main_route_table_id": "rtb-887018ee",
                            "tags.%": "5",
                            "tags.Name": "pipeline-devops-il-vpc",
                            "tags.account_name": "jive-infra-pipeline",
                            "tags.pipeline_phase": "pipeline-devops-il",
                            "tags.region": "us-west-2",
                            "tags.sla": "non-prod"
                        },
                        "meta": {
                            "schema_version": "1"
                        },
                        "tainted": false
                    },
                    "deposed": [],
                    "provider": ""
                },
                "aws_vpc_peering_connection.infra": {
                    "type": "aws_vpc_peering_connection",
                    "depends_on": [
                        "aws_vpc.main"
                    ],
                    "primary": {
                        "id": "pcx-9232a1fb",
                        "attributes": {
                            "accept_status": "active",
                            "accepter.#": "1",
                            "accepter.3244290774.allow_classic_link_to_remote_vpc": "false",
                            "accepter.3244290774.allow_remote_vpc_dns_resolution": "false",
                            "accepter.3244290774.allow_vpc_to_remote_classic_link": "false",
                            "auto_accept": "true",
                            "id": "pcx-9232a1fb",
                            "peer_owner_id": "517449413234",
                            "peer_vpc_id": "vpc-1f7b3d7b",
                            "requester.#": "1",
                            "requester.3244290774.allow_classic_link_to_remote_vpc": "false",
                            "requester.3244290774.allow_remote_vpc_dns_resolution": "false",
                            "requester.3244290774.allow_vpc_to_remote_classic_link": "false",
                            "tags.%": "5",
                            "tags.Name": "pipeline-devops-il_to_infra-jive-infra-pipeline",
                            "tags.account_name": "jive-infra-pipeline",
                            "tags.pipeline_phase": "pipeline-devops-il",
                            "tags.region": "us-west-2",
                            "tags.sla": "non-prod",
                            "vpc_id": "vpc-f06e8796"
                        },
                        "meta": {},
                        "tainted": false
                    },
                    "deposed": [],
                    "provider": ""
                },
                "aws_vpn_gateway.vgw": {
                    "type": "aws_vpn_gateway",
                    "depends_on": [
                        "aws_vpc.main"
                    ],
                    "primary": {
                        "id": "vgw-8a11ca94",
                        "attributes": {
                            "id": "vgw-8a11ca94",
                            "tags.%": "7",
                            "tags.Name": "pipeline-devops-il-vgw",
                            "tags.account_name": "jive-infra-pipeline",
                            "tags.jive_service": "infrastructure",
                            "tags.pipeline_phase": "pipeline-devops-il",
                            "tags.region": "us-west-2",
                            "tags.service_component": "vpn_gateway",
                            "tags.sla": "non-prod",
                            "vpc_id": "vpc-f06e8796"
                        },
                        "meta": {},
                        "tainted": false
                    },
                    "deposed": [],
                    "provider": ""
                },
                "data.aws_security_group.bastion": {
                    "type": "aws_security_group",
                    "depends_on": [],
                    "primary": {
                        "id": "sg-e5aade83",
                        "attributes": {
                            "filter.#": "1",
                            "filter.1988431066.name": "tag:jive_service",
                            "filter.1988431066.values.#": "1",
                            "filter.1988431066.values.2480389212": "infrastructure",
                            "id": "sg-e5aade83",
                            "name": "infra-pipeline-jive-phx-dc",
                            "tags.%": "6",
                            "tags.Name": "infra-pipeline-jive-phx-dc",
                            "tags.account_name": "jive-infra-pipeline",
                            "tags.jive_service": "infrastructure",
                            "tags.pipeline_phase": "infra-pipeline",
                            "tags.region": "us-west-2",
                            "tags.sla": "non-prod",
                            "vpc_id": "vpc-1f7b3d7b"
                        },
                        "meta": {},
                        "tainted": false
                    },
                    "deposed": [],
                    "provider": ""
                }
            },
            "depends_on": []
        }
    ]
}
