{
    "version": 3,
    "terraform_version": "0.9.4",
    "serial": 9,
    "lineage": "314dc5f8-576f-4351-ab5d-6b3c2e264e93",
    "modules": [
        {
            "path": [
                "root"
            ],
            "outputs": {},
            "resources": {
                "aws_eip.natgw.0": {
                    "type": "aws_eip",
                    "depends_on": [],
                    "primary": {
                        "id": "eipalloc-7ad3ce4a",
                        "attributes": {
                            "association_id": "eipassoc-5cc3ea6e",
                            "domain": "vpc",
                            "id": "eipalloc-7ad3ce4a",
                            "instance": "",
                            "network_interface": "eni-797554aa",
                            "private_ip": "10.123.22.143",
                            "public_ip": "34.230.227.145",
                            "vpc": "true"
                        },
                        "meta": {},
                        "tainted": false
                    },
                    "deposed": [],
                    "provider": ""
                },
                "aws_eip.natgw.1": {
                    "type": "aws_eip",
                    "depends_on": [],
                    "primary": {
                        "id": "eipalloc-88ccd1b8",
                        "attributes": {
                            "association_id": "eipassoc-87cfe6b5",
                            "domain": "vpc",
                            "id": "eipalloc-88ccd1b8",
                            "instance": "",
                            "network_interface": "eni-1efb94b7",
                            "private_ip": "10.123.22.187",
                            "public_ip": "52.2.16.243",
                            "vpc": "true"
                        },
                        "meta": {},
                        "tainted": false
                    },
                    "deposed": [],
                    "provider": ""
                },
                "aws_eip.natgw.2": {
                    "type": "aws_eip",
                    "depends_on": [],
                    "primary": {
                        "id": "eipalloc-27cfd217",
                        "attributes": {
                            "association_id": "eipassoc-30cee702",
                            "domain": "vpc",
                            "id": "eipalloc-27cfd217",
                            "instance": "",
                            "network_interface": "eni-a9e041be",
                            "private_ip": "10.123.22.218",
                            "public_ip": "34.230.128.215",
                            "vpc": "true"
                        },
                        "meta": {},
                        "tainted": false
                    },
                    "deposed": [],
                    "provider": ""
                },
                "aws_eip.natgw.3": {
                    "type": "aws_eip",
                    "depends_on": [],
                    "primary": {
                        "id": "eipalloc-bccdd08c",
                        "attributes": {
                            "association_id": "eipassoc-d7c1e8e5",
                            "domain": "vpc",
                            "id": "eipalloc-bccdd08c",
                            "instance": "",
                            "network_interface": "eni-f58a375a",
                            "private_ip": "10.123.22.248",
                            "public_ip": "34.228.45.188",
                            "vpc": "true"
                        },
                        "meta": {},
                        "tainted": false
                    },
                    "deposed": [],
                    "provider": ""
                },
                "aws_eip.natgw.4": {
                    "type": "aws_eip",
                    "depends_on": [],
                    "primary": {
                        "id": "eipalloc-87ccd1b7",
                        "attributes": {
                            "association_id": "eipassoc-fec3eacc",
                            "domain": "vpc",
                            "id": "eipalloc-87ccd1b7",
                            "instance": "",
                            "network_interface": "eni-e0a7b4e1",
                            "private_ip": "10.123.23.10",
                            "public_ip": "34.227.240.208",
                            "vpc": "true"
                        },
                        "meta": {},
                        "tainted": false
                    },
                    "deposed": [],
                    "provider": ""
                },
                "aws_internet_gateway.igw": {
                    "type": "aws_internet_gateway",
                    "depends_on": [
                        "aws_vpc.main"
                    ],
                    "primary": {
                        "id": "igw-9892dffe",
                        "attributes": {
                            "id": "igw-9892dffe",
                            "tags.%": "5",
                            "tags.Name": "test-igw",
                            "tags.account_name": "jive-data-pipeline",
                            "tags.pipeline_phase": "test",
                            "tags.region": "us-east-1",
                            "tags.sla": "non-prod",
                            "vpc_id": "vpc-26f9665f"
                        },
                        "meta": {},
                        "tainted": false
                    },
                    "deposed": [],
                    "provider": ""
                },
                "aws_nat_gateway.natgw.0": {
                    "type": "aws_nat_gateway",
                    "depends_on": [
                        "aws_eip.natgw.*",
                        "aws_internet_gateway.igw",
                        "aws_subnet.public.*"
                    ],
                    "primary": {
                        "id": "nat-0e5fb3aa34e2c4bee",
                        "attributes": {
                            "allocation_id": "eipalloc-7ad3ce4a",
                            "id": "nat-0e5fb3aa34e2c4bee",
                            "network_interface_id": "eni-797554aa",
                            "private_ip": "10.123.22.143",
                            "public_ip": "34.230.227.145",
                            "subnet_id": "subnet-169bd55e"
                        },
                        "meta": {},
                        "tainted": false
                    },
                    "deposed": [],
                    "provider": ""
                },
                "aws_nat_gateway.natgw.1": {
                    "type": "aws_nat_gateway",
                    "depends_on": [
                        "aws_eip.natgw.*",
                        "aws_internet_gateway.igw",
                        "aws_subnet.public.*"
                    ],
                    "primary": {
                        "id": "nat-0c85cc8b94775a836",
                        "attributes": {
                            "allocation_id": "eipalloc-88ccd1b8",
                            "id": "nat-0c85cc8b94775a836",
                            "network_interface_id": "eni-1efb94b7",
                            "private_ip": "10.123.22.187",
                            "public_ip": "52.2.16.243",
                            "subnet_id": "subnet-1fe76945"
                        },
                        "meta": {},
                        "tainted": false
                    },
                    "deposed": [],
                    "provider": ""
                },
                "aws_nat_gateway.natgw.2": {
                    "type": "aws_nat_gateway",
                    "depends_on": [
                        "aws_eip.natgw.*",
                        "aws_internet_gateway.igw",
                        "aws_subnet.public.*"
                    ],
                    "primary": {
                        "id": "nat-00296cd9c37101a4d",
                        "attributes": {
                            "allocation_id": "eipalloc-27cfd217",
                            "id": "nat-00296cd9c37101a4d",
                            "network_interface_id": "eni-a9e041be",
                            "private_ip": "10.123.22.218",
                            "public_ip": "34.230.128.215",
                            "subnet_id": "subnet-bafd1ade"
                        },
                        "meta": {},
                        "tainted": false
                    },
                    "deposed": [],
                    "provider": ""
                },
                "aws_nat_gateway.natgw.3": {
                    "type": "aws_nat_gateway",
                    "depends_on": [
                        "aws_eip.natgw.*",
                        "aws_internet_gateway.igw",
                        "aws_subnet.public.*"
                    ],
                    "primary": {
                        "id": "nat-0d9aa8fbdbcfdaed5",
                        "attributes": {
                            "allocation_id": "eipalloc-bccdd08c",
                            "id": "nat-0d9aa8fbdbcfdaed5",
                            "network_interface_id": "eni-f58a375a",
                            "private_ip": "10.123.22.248",
                            "public_ip": "34.228.45.188",
                            "subnet_id": "subnet-f227b0de"
                        },
                        "meta": {},
                        "tainted": false
                    },
                    "deposed": [],
                    "provider": ""
                },
                "aws_nat_gateway.natgw.4": {
                    "type": "aws_nat_gateway",
                    "depends_on": [
                        "aws_eip.natgw.*",
                        "aws_internet_gateway.igw",
                        "aws_subnet.public.*"
                    ],
                    "primary": {
                        "id": "nat-09283d0110c62b834",
                        "attributes": {
                            "allocation_id": "eipalloc-87ccd1b7",
                            "id": "nat-09283d0110c62b834",
                            "network_interface_id": "eni-e0a7b4e1",
                            "private_ip": "10.123.23.10",
                            "public_ip": "34.227.240.208",
                            "subnet_id": "subnet-417d7c7d"
                        },
                        "meta": {},
                        "tainted": false
                    },
                    "deposed": [],
                    "provider": ""
                },
                "aws_route.bastion_natdc.0": {
                    "type": "aws_route",
                    "depends_on": [
                        "aws_route_table.natdc.*",
                        "aws_vpc_peering_connection.infra"
                    ],
                    "primary": {
                        "id": "r-rtb-eaa587921488671911",
                        "attributes": {
                            "destination_cidr_block": "10.127.22.7/32",
                            "destination_prefix_list_id": "",
                            "egress_only_gateway_id": "",
                            "gateway_id": "",
                            "id": "r-rtb-eaa587921488671911",
                            "instance_id": "",
                            "instance_owner_id": "",
                            "nat_gateway_id": "",
                            "network_interface_id": "",
                            "origin": "CreateRoute",
                            "route_table_id": "rtb-eaa58792",
                            "state": "active",
                            "vpc_peering_connection_id": "pcx-8b7202e2"
                        },
                        "meta": {},
                        "tainted": false
                    },
                    "deposed": [],
                    "provider": ""
                },
                "aws_route.bastion_natdc.1": {
                    "type": "aws_route",
                    "depends_on": [
                        "aws_route_table.natdc.*",
                        "aws_vpc_peering_connection.infra"
                    ],
                    "primary": {
                        "id": "r-rtb-3aa785421488671911",
                        "attributes": {
                            "destination_cidr_block": "10.127.22.7/32",
                            "destination_prefix_list_id": "",
                            "egress_only_gateway_id": "",
                            "gateway_id": "",
                            "id": "r-rtb-3aa785421488671911",
                            "instance_id": "",
                            "instance_owner_id": "",
                            "nat_gateway_id": "",
                            "network_interface_id": "",
                            "origin": "CreateRoute",
                            "route_table_id": "rtb-3aa78542",
                            "state": "active",
                            "vpc_peering_connection_id": "pcx-8b7202e2"
                        },
                        "meta": {},
                        "tainted": false
                    },
                    "deposed": [],
                    "provider": ""
                },
                "aws_route.bastion_natdc.2": {
                    "type": "aws_route",
                    "depends_on": [
                        "aws_route_table.natdc.*",
                        "aws_vpc_peering_connection.infra"
                    ],
                    "primary": {
                        "id": "r-rtb-d7a785af1488671911",
                        "attributes": {
                            "destination_cidr_block": "10.127.22.7/32",
                            "destination_prefix_list_id": "",
                            "egress_only_gateway_id": "",
                            "gateway_id": "",
                            "id": "r-rtb-d7a785af1488671911",
                            "instance_id": "",
                            "instance_owner_id": "",
                            "nat_gateway_id": "",
                            "network_interface_id": "",
                            "origin": "CreateRoute",
                            "route_table_id": "rtb-d7a785af",
                            "state": "active",
                            "vpc_peering_connection_id": "pcx-8b7202e2"
                        },
                        "meta": {},
                        "tainted": false
                    },
                    "deposed": [],
                    "provider": ""
                },
                "aws_route.bastion_natdc.3": {
                    "type": "aws_route",
                    "depends_on": [
                        "aws_route_table.natdc.*",
                        "aws_vpc_peering_connection.infra"
                    ],
                    "primary": {
                        "id": "r-rtb-56ac8e2e1488671911",
                        "attributes": {
                            "destination_cidr_block": "10.127.22.7/32",
                            "destination_prefix_list_id": "",
                            "egress_only_gateway_id": "",
                            "gateway_id": "",
                            "id": "r-rtb-56ac8e2e1488671911",
                            "instance_id": "",
                            "instance_owner_id": "",
                            "nat_gateway_id": "",
                            "network_interface_id": "",
                            "origin": "CreateRoute",
                            "route_table_id": "rtb-56ac8e2e",
                            "state": "active",
                            "vpc_peering_connection_id": "pcx-8b7202e2"
                        },
                        "meta": {},
                        "tainted": false
                    },
                    "deposed": [],
                    "provider": ""
                },
                "aws_route.bastion_natdc.4": {
                    "type": "aws_route",
                    "depends_on": [
                        "aws_route_table.natdc.*",
                        "aws_vpc_peering_connection.infra"
                    ],
                    "primary": {
                        "id": "r-rtb-82ab89fa1488671911",
                        "attributes": {
                            "destination_cidr_block": "10.127.22.7/32",
                            "destination_prefix_list_id": "",
                            "egress_only_gateway_id": "",
                            "gateway_id": "",
                            "id": "r-rtb-82ab89fa1488671911",
                            "instance_id": "",
                            "instance_owner_id": "",
                            "nat_gateway_id": "",
                            "network_interface_id": "",
                            "origin": "CreateRoute",
                            "route_table_id": "rtb-82ab89fa",
                            "state": "active",
                            "vpc_peering_connection_id": "pcx-8b7202e2"
                        },
                        "meta": {},
                        "tainted": false
                    },
                    "deposed": [],
                    "provider": ""
                },
                "aws_route.bastion_private": {
                    "type": "aws_route",
                    "depends_on": [
                        "aws_route_table.private",
                        "aws_vpc_peering_connection.infra"
                    ],
                    "primary": {
                        "id": "r-rtb-49a684311488671911",
                        "attributes": {
                            "destination_cidr_block": "10.127.22.7/32",
                            "destination_prefix_list_id": "",
                            "egress_only_gateway_id": "",
                            "gateway_id": "",
                            "id": "r-rtb-49a684311488671911",
                            "instance_id": "",
                            "instance_owner_id": "",
                            "nat_gateway_id": "",
                            "network_interface_id": "",
                            "origin": "CreateRoute",
                            "route_table_id": "rtb-49a68431",
                            "state": "active",
                            "vpc_peering_connection_id": "pcx-8b7202e2"
                        },
                        "meta": {},
                        "tainted": false
                    },
                    "deposed": [],
                    "provider": ""
                },
                "aws_route.bastion_public": {
                    "type": "aws_route",
                    "depends_on": [
                        "aws_route_table.public",
                        "aws_vpc_peering_connection.infra"
                    ],
                    "primary": {
                        "id": "r-rtb-17a4866f1488671911",
                        "attributes": {
                            "destination_cidr_block": "10.127.22.7/32",
                            "destination_prefix_list_id": "",
                            "egress_only_gateway_id": "",
                            "gateway_id": "",
                            "id": "r-rtb-17a4866f1488671911",
                            "instance_id": "",
                            "instance_owner_id": "",
                            "nat_gateway_id": "",
                            "network_interface_id": "",
                            "origin": "CreateRoute",
                            "route_table_id": "rtb-17a4866f",
                            "state": "active",
                            "vpc_peering_connection_id": "pcx-8b7202e2"
                        },
                        "meta": {},
                        "tainted": false
                    },
                    "deposed": [],
                    "provider": ""
                },
                "aws_route.infra_natdc.0": {
                    "type": "aws_route",
                    "depends_on": [
                        "aws_vpc_peering_connection.infra"
                    ],
                    "primary": {
                        "id": "r-rtb-4ef0d2363428035928",
                        "attributes": {
                            "destination_cidr_block": "10.123.20.0/22",
                            "destination_prefix_list_id": "",
                            "egress_only_gateway_id": "",
                            "gateway_id": "",
                            "id": "r-rtb-4ef0d2363428035928",
                            "instance_id": "",
                            "instance_owner_id": "",
                            "nat_gateway_id": "",
                            "network_interface_id": "",
                            "origin": "CreateRoute",
                            "route_table_id": "rtb-4ef0d236",
                            "state": "active",
                            "vpc_peering_connection_id": "pcx-8b7202e2"
                        },
                        "meta": {},
                        "tainted": false
                    },
                    "deposed": [],
                    "provider": ""
                },
                "aws_route.infra_natdc.1": {
                    "type": "aws_route",
                    "depends_on": [
                        "aws_vpc_peering_connection.infra"
                    ],
                    "primary": {
                        "id": "r-rtb-48efcd303428035928",
                        "attributes": {
                            "destination_cidr_block": "10.123.20.0/22",
                            "destination_prefix_list_id": "",
                            "egress_only_gateway_id": "",
                            "gateway_id": "",
                            "id": "r-rtb-48efcd303428035928",
                            "instance_id": "",
                            "instance_owner_id": "",
                            "nat_gateway_id": "",
                            "network_interface_id": "",
                            "origin": "CreateRoute",
                            "route_table_id": "rtb-48efcd30",
                            "state": "active",
                            "vpc_peering_connection_id": "pcx-8b7202e2"
                        },
                        "meta": {},
                        "tainted": false
                    },
                    "deposed": [],
                    "provider": ""
                },
                "aws_route.infra_natdc.2": {
                    "type": "aws_route",
                    "depends_on": [
                        "aws_vpc_peering_connection.infra"
                    ],
                    "primary": {
                        "id": "r-rtb-aef3d1d63428035928",
                        "attributes": {
                            "destination_cidr_block": "10.123.20.0/22",
                            "destination_prefix_list_id": "",
                            "egress_only_gateway_id": "",
                            "gateway_id": "",
                            "id": "r-rtb-aef3d1d63428035928",
                            "instance_id": "",
                            "instance_owner_id": "",
                            "nat_gateway_id": "",
                            "network_interface_id": "",
                            "origin": "CreateRoute",
                            "route_table_id": "rtb-aef3d1d6",
                            "state": "active",
                            "vpc_peering_connection_id": "pcx-8b7202e2"
                        },
                        "meta": {},
                        "tainted": false
                    },
                    "deposed": [],
                    "provider": ""
                },
                "aws_route.infra_natdc.3": {
                    "type": "aws_route",
                    "depends_on": [
                        "aws_vpc_peering_connection.infra"
                    ],
                    "primary": {
                        "id": "r-rtb-adf3d1d53428035928",
                        "attributes": {
                            "destination_cidr_block": "10.123.20.0/22",
                            "destination_prefix_list_id": "",
                            "egress_only_gateway_id": "",
                            "gateway_id": "",
                            "id": "r-rtb-adf3d1d53428035928",
                            "instance_id": "",
                            "instance_owner_id": "",
                            "nat_gateway_id": "",
                            "network_interface_id": "",
                            "origin": "CreateRoute",
                            "route_table_id": "rtb-adf3d1d5",
                            "state": "active",
                            "vpc_peering_connection_id": "pcx-8b7202e2"
                        },
                        "meta": {},
                        "tainted": false
                    },
                    "deposed": [],
                    "provider": ""
                },
                "aws_route.infra_natdc.4": {
                    "type": "aws_route",
                    "depends_on": [
                        "aws_vpc_peering_connection.infra"
                    ],
                    "primary": {
                        "id": "r-rtb-7beecc033428035928",
                        "attributes": {
                            "destination_cidr_block": "10.123.20.0/22",
                            "destination_prefix_list_id": "",
                            "egress_only_gateway_id": "",
                            "gateway_id": "",
                            "id": "r-rtb-7beecc033428035928",
                            "instance_id": "",
                            "instance_owner_id": "",
                            "nat_gateway_id": "",
                            "network_interface_id": "",
                            "origin": "CreateRoute",
                            "route_table_id": "rtb-7beecc03",
                            "state": "active",
                            "vpc_peering_connection_id": "pcx-8b7202e2"
                        },
                        "meta": {},
                        "tainted": false
                    },
                    "deposed": [],
                    "provider": ""
                },
                "aws_route.infra_private": {
                    "type": "aws_route",
                    "depends_on": [
                        "aws_vpc_peering_connection.infra"
                    ],
                    "primary": {
                        "id": "r-rtb-c0e6c4b83428035928",
                        "attributes": {
                            "destination_cidr_block": "10.123.20.0/22",
                            "destination_prefix_list_id": "",
                            "egress_only_gateway_id": "",
                            "gateway_id": "",
                            "id": "r-rtb-c0e6c4b83428035928",
                            "instance_id": "",
                            "instance_owner_id": "",
                            "nat_gateway_id": "",
                            "network_interface_id": "",
                            "origin": "CreateRoute",
                            "route_table_id": "rtb-c0e6c4b8",
                            "state": "active",
                            "vpc_peering_connection_id": "pcx-8b7202e2"
                        },
                        "meta": {},
                        "tainted": false
                    },
                    "deposed": [],
                    "provider": ""
                },
                "aws_route.infra_public": {
                    "type": "aws_route",
                    "depends_on": [
                        "aws_vpc_peering_connection.infra"
                    ],
                    "primary": {
                        "id": "r-rtb-77e8ca0f3428035928",
                        "attributes": {
                            "destination_cidr_block": "10.123.20.0/22",
                            "destination_prefix_list_id": "",
                            "egress_only_gateway_id": "",
                            "gateway_id": "",
                            "id": "r-rtb-77e8ca0f3428035928",
                            "instance_id": "",
                            "instance_owner_id": "",
                            "nat_gateway_id": "",
                            "network_interface_id": "",
                            "origin": "CreateRoute",
                            "route_table_id": "rtb-77e8ca0f",
                            "state": "active",
                            "vpc_peering_connection_id": "pcx-8b7202e2"
                        },
                        "meta": {},
                        "tainted": false
                    },
                    "deposed": [],
                    "provider": ""
                },
                "aws_route.microservices_jcx_natdc.0": {
                    "type": "aws_route",
                    "depends_on": [
                        "aws_route_table.natdc.*"
                    ],
                    "primary": {
                        "id": "r-rtb-eaa587922233008665",
                        "attributes": {
                            "destination_cidr_block": "10.125.96.0/20",
                            "destination_prefix_list_id": "",
                            "egress_only_gateway_id": "",
                            "gateway_id": "",
                            "id": "r-rtb-eaa587922233008665",
                            "instance_id": "",
                            "instance_owner_id": "",
                            "nat_gateway_id": "",
                            "network_interface_id": "",
                            "origin": "CreateRoute",
                            "route_table_id": "rtb-eaa58792",
                            "state": "active",
                            "vpc_peering_connection_id": "pcx-7ce89b15"
                        },
                        "meta": {},
                        "tainted": false
                    },
                    "deposed": [],
                    "provider": ""
                },
                "aws_route.microservices_jcx_natdc.1": {
                    "type": "aws_route",
                    "depends_on": [
                        "aws_route_table.natdc.*"
                    ],
                    "primary": {
                        "id": "r-rtb-3aa785422233008665",
                        "attributes": {
                            "destination_cidr_block": "10.125.96.0/20",
                            "destination_prefix_list_id": "",
                            "egress_only_gateway_id": "",
                            "gateway_id": "",
                            "id": "r-rtb-3aa785422233008665",
                            "instance_id": "",
                            "instance_owner_id": "",
                            "nat_gateway_id": "",
                            "network_interface_id": "",
                            "origin": "CreateRoute",
                            "route_table_id": "rtb-3aa78542",
                            "state": "active",
                            "vpc_peering_connection_id": "pcx-7ce89b15"
                        },
                        "meta": {},
                        "tainted": false
                    },
                    "deposed": [],
                    "provider": ""
                },
                "aws_route.microservices_jcx_natdc.2": {
                    "type": "aws_route",
                    "depends_on": [
                        "aws_route_table.natdc.*"
                    ],
                    "primary": {
                        "id": "r-rtb-d7a785af2233008665",
                        "attributes": {
                            "destination_cidr_block": "10.125.96.0/20",
                            "destination_prefix_list_id": "",
                            "egress_only_gateway_id": "",
                            "gateway_id": "",
                            "id": "r-rtb-d7a785af2233008665",
                            "instance_id": "",
                            "instance_owner_id": "",
                            "nat_gateway_id": "",
                            "network_interface_id": "",
                            "origin": "CreateRoute",
                            "route_table_id": "rtb-d7a785af",
                            "state": "active",
                            "vpc_peering_connection_id": "pcx-7ce89b15"
                        },
                        "meta": {},
                        "tainted": false
                    },
                    "deposed": [],
                    "provider": ""
                },
                "aws_route.microservices_jcx_natdc.3": {
                    "type": "aws_route",
                    "depends_on": [
                        "aws_route_table.natdc.*"
                    ],
                    "primary": {
                        "id": "r-rtb-56ac8e2e2233008665",
                        "attributes": {
                            "destination_cidr_block": "10.125.96.0/20",
                            "destination_prefix_list_id": "",
                            "egress_only_gateway_id": "",
                            "gateway_id": "",
                            "id": "r-rtb-56ac8e2e2233008665",
                            "instance_id": "",
                            "instance_owner_id": "",
                            "nat_gateway_id": "",
                            "network_interface_id": "",
                            "origin": "CreateRoute",
                            "route_table_id": "rtb-56ac8e2e",
                            "state": "active",
                            "vpc_peering_connection_id": "pcx-7ce89b15"
                        },
                        "meta": {},
                        "tainted": false
                    },
                    "deposed": [],
                    "provider": ""
                },
                "aws_route.microservices_jcx_natdc.4": {
                    "type": "aws_route",
                    "depends_on": [
                        "aws_route_table.natdc.*"
                    ],
                    "primary": {
                        "id": "r-rtb-82ab89fa2233008665",
                        "attributes": {
                            "destination_cidr_block": "10.125.96.0/20",
                            "destination_prefix_list_id": "",
                            "egress_only_gateway_id": "",
                            "gateway_id": "",
                            "id": "r-rtb-82ab89fa2233008665",
                            "instance_id": "",
                            "instance_owner_id": "",
                            "nat_gateway_id": "",
                            "network_interface_id": "",
                            "origin": "CreateRoute",
                            "route_table_id": "rtb-82ab89fa",
                            "state": "active",
                            "vpc_peering_connection_id": "pcx-7ce89b15"
                        },
                        "meta": {},
                        "tainted": false
                    },
                    "deposed": [],
                    "provider": ""
                },
                "aws_route.microservices_jcx_private": {
                    "type": "aws_route",
                    "depends_on": [
                        "aws_route_table.private"
                    ],
                    "primary": {
                        "id": "r-rtb-49a684312233008665",
                        "attributes": {
                            "destination_cidr_block": "10.125.96.0/20",
                            "destination_prefix_list_id": "",
                            "egress_only_gateway_id": "",
                            "gateway_id": "",
                            "id": "r-rtb-49a684312233008665",
                            "instance_id": "",
                            "instance_owner_id": "",
                            "nat_gateway_id": "",
                            "network_interface_id": "",
                            "origin": "CreateRoute",
                            "route_table_id": "rtb-49a68431",
                            "state": "active",
                            "vpc_peering_connection_id": "pcx-7ce89b15"
                        },
                        "meta": {},
                        "tainted": false
                    },
                    "deposed": [],
                    "provider": ""
                },
                "aws_route.microservices_jcx_public": {
                    "type": "aws_route",
                    "depends_on": [
                        "aws_route_table.public"
                    ],
                    "primary": {
                        "id": "r-rtb-17a4866f2233008665",
                        "attributes": {
                            "destination_cidr_block": "10.125.96.0/20",
                            "destination_prefix_list_id": "",
                            "egress_only_gateway_id": "",
                            "gateway_id": "",
                            "id": "r-rtb-17a4866f2233008665",
                            "instance_id": "",
                            "instance_owner_id": "",
                            "nat_gateway_id": "",
                            "network_interface_id": "",
                            "origin": "CreateRoute",
                            "route_table_id": "rtb-17a4866f",
                            "state": "active",
                            "vpc_peering_connection_id": "pcx-7ce89b15"
                        },
                        "meta": {},
                        "tainted": false
                    },
                    "deposed": [],
                    "provider": ""
                },
                "aws_route.microservices_natdc.0": {
                    "type": "aws_route",
                    "depends_on": [
                        "aws_route_table.natdc.*"
                    ],
                    "primary": {
                        "id": "r-rtb-eaa587923773308537",
                        "attributes": {
                            "destination_cidr_block": "10.125.0.0/19",
                            "destination_prefix_list_id": "",
                            "egress_only_gateway_id": "",
                            "gateway_id": "",
                            "id": "r-rtb-eaa587923773308537",
                            "instance_id": "",
                            "instance_owner_id": "",
                            "nat_gateway_id": "",
                            "network_interface_id": "",
                            "origin": "CreateRoute",
                            "route_table_id": "rtb-eaa58792",
                            "state": "active",
                            "vpc_peering_connection_id": "pcx-d2ed9ebb"
                        },
                        "meta": {},
                        "tainted": false
                    },
                    "deposed": [],
                    "provider": ""
                },
                "aws_route.microservices_natdc.1": {
                    "type": "aws_route",
                    "depends_on": [
                        "aws_route_table.natdc.*"
                    ],
                    "primary": {
                        "id": "r-rtb-3aa785423773308537",
                        "attributes": {
                            "destination_cidr_block": "10.125.0.0/19",
                            "destination_prefix_list_id": "",
                            "egress_only_gateway_id": "",
                            "gateway_id": "",
                            "id": "r-rtb-3aa785423773308537",
                            "instance_id": "",
                            "instance_owner_id": "",
                            "nat_gateway_id": "",
                            "network_interface_id": "",
                            "origin": "CreateRoute",
                            "route_table_id": "rtb-3aa78542",
                            "state": "active",
                            "vpc_peering_connection_id": "pcx-d2ed9ebb"
                        },
                        "meta": {},
                        "tainted": false
                    },
                    "deposed": [],
                    "provider": ""
                },
                "aws_route.microservices_natdc.2": {
                    "type": "aws_route",
                    "depends_on": [
                        "aws_route_table.natdc.*"
                    ],
                    "primary": {
                        "id": "r-rtb-d7a785af3773308537",
                        "attributes": {
                            "destination_cidr_block": "10.125.0.0/19",
                            "destination_prefix_list_id": "",
                            "egress_only_gateway_id": "",
                            "gateway_id": "",
                            "id": "r-rtb-d7a785af3773308537",
                            "instance_id": "",
                            "instance_owner_id": "",
                            "nat_gateway_id": "",
                            "network_interface_id": "",
                            "origin": "CreateRoute",
                            "route_table_id": "rtb-d7a785af",
                            "state": "active",
                            "vpc_peering_connection_id": "pcx-d2ed9ebb"
                        },
                        "meta": {},
                        "tainted": false
                    },
                    "deposed": [],
                    "provider": ""
                },
                "aws_route.microservices_natdc.3": {
                    "type": "aws_route",
                    "depends_on": [
                        "aws_route_table.natdc.*"
                    ],
                    "primary": {
                        "id": "r-rtb-56ac8e2e3773308537",
                        "attributes": {
                            "destination_cidr_block": "10.125.0.0/19",
                            "destination_prefix_list_id": "",
                            "egress_only_gateway_id": "",
                            "gateway_id": "",
                            "id": "r-rtb-56ac8e2e3773308537",
                            "instance_id": "",
                            "instance_owner_id": "",
                            "nat_gateway_id": "",
                            "network_interface_id": "",
                            "origin": "CreateRoute",
                            "route_table_id": "rtb-56ac8e2e",
                            "state": "active",
                            "vpc_peering_connection_id": "pcx-d2ed9ebb"
                        },
                        "meta": {},
                        "tainted": false
                    },
                    "deposed": [],
                    "provider": ""
                },
                "aws_route.microservices_natdc.4": {
                    "type": "aws_route",
                    "depends_on": [
                        "aws_route_table.natdc.*"
                    ],
                    "primary": {
                        "id": "r-rtb-82ab89fa3773308537",
                        "attributes": {
                            "destination_cidr_block": "10.125.0.0/19",
                            "destination_prefix_list_id": "",
                            "egress_only_gateway_id": "",
                            "gateway_id": "",
                            "id": "r-rtb-82ab89fa3773308537",
                            "instance_id": "",
                            "instance_owner_id": "",
                            "nat_gateway_id": "",
                            "network_interface_id": "",
                            "origin": "CreateRoute",
                            "route_table_id": "rtb-82ab89fa",
                            "state": "active",
                            "vpc_peering_connection_id": "pcx-d2ed9ebb"
                        },
                        "meta": {},
                        "tainted": false
                    },
                    "deposed": [],
                    "provider": ""
                },
                "aws_route.microservices_private": {
                    "type": "aws_route",
                    "depends_on": [
                        "aws_route_table.private"
                    ],
                    "primary": {
                        "id": "r-rtb-49a684313773308537",
                        "attributes": {
                            "destination_cidr_block": "10.125.0.0/19",
                            "destination_prefix_list_id": "",
                            "egress_only_gateway_id": "",
                            "gateway_id": "",
                            "id": "r-rtb-49a684313773308537",
                            "instance_id": "",
                            "instance_owner_id": "",
                            "nat_gateway_id": "",
                            "network_interface_id": "",
                            "origin": "CreateRoute",
                            "route_table_id": "rtb-49a68431",
                            "state": "active",
                            "vpc_peering_connection_id": "pcx-d2ed9ebb"
                        },
                        "meta": {},
                        "tainted": false
                    },
                    "deposed": [],
                    "provider": ""
                },
                "aws_route.microservices_public": {
                    "type": "aws_route",
                    "depends_on": [
                        "aws_route_table.public"
                    ],
                    "primary": {
                        "id": "r-rtb-17a4866f3773308537",
                        "attributes": {
                            "destination_cidr_block": "10.125.0.0/19",
                            "destination_prefix_list_id": "",
                            "egress_only_gateway_id": "",
                            "gateway_id": "",
                            "id": "r-rtb-17a4866f3773308537",
                            "instance_id": "",
                            "instance_owner_id": "",
                            "nat_gateway_id": "",
                            "network_interface_id": "",
                            "origin": "CreateRoute",
                            "route_table_id": "rtb-17a4866f",
                            "state": "active",
                            "vpc_peering_connection_id": "pcx-d2ed9ebb"
                        },
                        "meta": {},
                        "tainted": false
                    },
                    "deposed": [],
                    "provider": ""
                },
                "aws_route53_zone_association.route53": {
                    "type": "aws_route53_zone_association",
                    "depends_on": [
                        "aws_vpc.main"
                    ],
                    "primary": {
                        "id": "Z3AIHK7L8DPDVB:vpc-26f9665f",
                        "attributes": {
                            "id": "Z3AIHK7L8DPDVB:vpc-26f9665f",
                            "vpc_id": "vpc-26f9665f",
                            "vpc_region": "us-east-1",
                            "zone_id": "Z3AIHK7L8DPDVB"
                        },
                        "meta": {},
                        "tainted": false
                    },
                    "deposed": [],
                    "provider": ""
                },
                "aws_route_table.natdc.0": {
                    "type": "aws_route_table",
                    "depends_on": [
                        "aws_nat_gateway.natgw.*",
                        "aws_vpc.main",
                        "aws_vpn_gateway.vgw"
                    ],
                    "primary": {
                        "id": "rtb-eaa58792",
                        "attributes": {
                            "id": "rtb-eaa58792",
                            "propagating_vgws.#": "1",
                            "propagating_vgws.501994584": "vgw-b28a61db",
                            "route.#": "4",
                            "route.2280472193.cidr_block": "10.125.96.0/20",
                            "route.2280472193.egress_only_gateway_id": "",
                            "route.2280472193.gateway_id": "",
                            "route.2280472193.instance_id": "",
                            "route.2280472193.ipv6_cidr_block": "",
                            "route.2280472193.nat_gateway_id": "",
                            "route.2280472193.network_interface_id": "",
                            "route.2280472193.vpc_peering_connection_id": "pcx-7ce89b15",
                            "route.2792125231.cidr_block": "10.125.0.0/19",
                            "route.2792125231.egress_only_gateway_id": "",
                            "route.2792125231.gateway_id": "",
                            "route.2792125231.instance_id": "",
                            "route.2792125231.ipv6_cidr_block": "",
                            "route.2792125231.nat_gateway_id": "",
                            "route.2792125231.network_interface_id": "",
                            "route.2792125231.vpc_peering_connection_id": "pcx-d2ed9ebb",
                            "route.3967596547.cidr_block": "0.0.0.0/0",
                            "route.3967596547.egress_only_gateway_id": "",
                            "route.3967596547.gateway_id": "",
                            "route.3967596547.instance_id": "",
                            "route.3967596547.ipv6_cidr_block": "",
                            "route.3967596547.nat_gateway_id": "nat-0e5fb3aa34e2c4bee",
                            "route.3967596547.network_interface_id": "",
                            "route.3967596547.vpc_peering_connection_id": "",
                            "route.4040677360.cidr_block": "10.127.22.7/32",
                            "route.4040677360.egress_only_gateway_id": "",
                            "route.4040677360.gateway_id": "",
                            "route.4040677360.instance_id": "",
                            "route.4040677360.ipv6_cidr_block": "",
                            "route.4040677360.nat_gateway_id": "",
                            "route.4040677360.network_interface_id": "",
                            "route.4040677360.vpc_peering_connection_id": "pcx-8b7202e2",
                            "tags.%": "5",
                            "tags.Name": "test-natdc-routetable",
                            "tags.account_name": "jive-data-pipeline",
                            "tags.pipeline_phase": "test",
                            "tags.region": "us-east-1",
                            "tags.sla": "non-prod",
                            "vpc_id": "vpc-26f9665f"
                        },
                        "meta": {},
                        "tainted": false
                    },
                    "deposed": [],
                    "provider": ""
                },
                "aws_route_table.natdc.1": {
                    "type": "aws_route_table",
                    "depends_on": [
                        "aws_nat_gateway.natgw.*",
                        "aws_vpc.main",
                        "aws_vpn_gateway.vgw"
                    ],
                    "primary": {
                        "id": "rtb-3aa78542",
                        "attributes": {
                            "id": "rtb-3aa78542",
                            "propagating_vgws.#": "1",
                            "propagating_vgws.501994584": "vgw-b28a61db",
                            "route.#": "4",
                            "route.2280472193.cidr_block": "10.125.96.0/20",
                            "route.2280472193.egress_only_gateway_id": "",
                            "route.2280472193.gateway_id": "",
                            "route.2280472193.instance_id": "",
                            "route.2280472193.ipv6_cidr_block": "",
                            "route.2280472193.nat_gateway_id": "",
                            "route.2280472193.network_interface_id": "",
                            "route.2280472193.vpc_peering_connection_id": "pcx-7ce89b15",
                            "route.2792125231.cidr_block": "10.125.0.0/19",
                            "route.2792125231.egress_only_gateway_id": "",
                            "route.2792125231.gateway_id": "",
                            "route.2792125231.instance_id": "",
                            "route.2792125231.ipv6_cidr_block": "",
                            "route.2792125231.nat_gateway_id": "",
                            "route.2792125231.network_interface_id": "",
                            "route.2792125231.vpc_peering_connection_id": "pcx-d2ed9ebb",
                            "route.3019604218.cidr_block": "0.0.0.0/0",
                            "route.3019604218.egress_only_gateway_id": "",
                            "route.3019604218.gateway_id": "",
                            "route.3019604218.instance_id": "",
                            "route.3019604218.ipv6_cidr_block": "",
                            "route.3019604218.nat_gateway_id": "nat-0c85cc8b94775a836",
                            "route.3019604218.network_interface_id": "",
                            "route.3019604218.vpc_peering_connection_id": "",
                            "route.4040677360.cidr_block": "10.127.22.7/32",
                            "route.4040677360.egress_only_gateway_id": "",
                            "route.4040677360.gateway_id": "",
                            "route.4040677360.instance_id": "",
                            "route.4040677360.ipv6_cidr_block": "",
                            "route.4040677360.nat_gateway_id": "",
                            "route.4040677360.network_interface_id": "",
                            "route.4040677360.vpc_peering_connection_id": "pcx-8b7202e2",
                            "tags.%": "5",
                            "tags.Name": "test-natdc-routetable",
                            "tags.account_name": "jive-data-pipeline",
                            "tags.pipeline_phase": "test",
                            "tags.region": "us-east-1",
                            "tags.sla": "non-prod",
                            "vpc_id": "vpc-26f9665f"
                        },
                        "meta": {},
                        "tainted": false
                    },
                    "deposed": [],
                    "provider": ""
                },
                "aws_route_table.natdc.2": {
                    "type": "aws_route_table",
                    "depends_on": [
                        "aws_nat_gateway.natgw.*",
                        "aws_vpc.main",
                        "aws_vpn_gateway.vgw"
                    ],
                    "primary": {
                        "id": "rtb-d7a785af",
                        "attributes": {
                            "id": "rtb-d7a785af",
                            "propagating_vgws.#": "1",
                            "propagating_vgws.501994584": "vgw-b28a61db",
                            "route.#": "4",
                            "route.2268774414.cidr_block": "0.0.0.0/0",
                            "route.2268774414.egress_only_gateway_id": "",
                            "route.2268774414.gateway_id": "",
                            "route.2268774414.instance_id": "",
                            "route.2268774414.ipv6_cidr_block": "",
                            "route.2268774414.nat_gateway_id": "nat-00296cd9c37101a4d",
                            "route.2268774414.network_interface_id": "",
                            "route.2268774414.vpc_peering_connection_id": "",
                            "route.2280472193.cidr_block": "10.125.96.0/20",
                            "route.2280472193.egress_only_gateway_id": "",
                            "route.2280472193.gateway_id": "",
                            "route.2280472193.instance_id": "",
                            "route.2280472193.ipv6_cidr_block": "",
                            "route.2280472193.nat_gateway_id": "",
                            "route.2280472193.network_interface_id": "",
                            "route.2280472193.vpc_peering_connection_id": "pcx-7ce89b15",
                            "route.2792125231.cidr_block": "10.125.0.0/19",
                            "route.2792125231.egress_only_gateway_id": "",
                            "route.2792125231.gateway_id": "",
                            "route.2792125231.instance_id": "",
                            "route.2792125231.ipv6_cidr_block": "",
                            "route.2792125231.nat_gateway_id": "",
                            "route.2792125231.network_interface_id": "",
                            "route.2792125231.vpc_peering_connection_id": "pcx-d2ed9ebb",
                            "route.4040677360.cidr_block": "10.127.22.7/32",
                            "route.4040677360.egress_only_gateway_id": "",
                            "route.4040677360.gateway_id": "",
                            "route.4040677360.instance_id": "",
                            "route.4040677360.ipv6_cidr_block": "",
                            "route.4040677360.nat_gateway_id": "",
                            "route.4040677360.network_interface_id": "",
                            "route.4040677360.vpc_peering_connection_id": "pcx-8b7202e2",
                            "tags.%": "5",
                            "tags.Name": "test-natdc-routetable",
                            "tags.account_name": "jive-data-pipeline",
                            "tags.pipeline_phase": "test",
                            "tags.region": "us-east-1",
                            "tags.sla": "non-prod",
                            "vpc_id": "vpc-26f9665f"
                        },
                        "meta": {},
                        "tainted": false
                    },
                    "deposed": [],
                    "provider": ""
                },
                "aws_route_table.natdc.3": {
                    "type": "aws_route_table",
                    "depends_on": [
                        "aws_nat_gateway.natgw.*",
                        "aws_vpc.main",
                        "aws_vpn_gateway.vgw"
                    ],
                    "primary": {
                        "id": "rtb-56ac8e2e",
                        "attributes": {
                            "id": "rtb-56ac8e2e",
                            "propagating_vgws.#": "1",
                            "propagating_vgws.501994584": "vgw-b28a61db",
                            "route.#": "4",
                            "route.1120334946.cidr_block": "0.0.0.0/0",
                            "route.1120334946.egress_only_gateway_id": "",
                            "route.1120334946.gateway_id": "",
                            "route.1120334946.instance_id": "",
                            "route.1120334946.ipv6_cidr_block": "",
                            "route.1120334946.nat_gateway_id": "nat-0d9aa8fbdbcfdaed5",
                            "route.1120334946.network_interface_id": "",
                            "route.1120334946.vpc_peering_connection_id": "",
                            "route.2280472193.cidr_block": "10.125.96.0/20",
                            "route.2280472193.egress_only_gateway_id": "",
                            "route.2280472193.gateway_id": "",
                            "route.2280472193.instance_id": "",
                            "route.2280472193.ipv6_cidr_block": "",
                            "route.2280472193.nat_gateway_id": "",
                            "route.2280472193.network_interface_id": "",
                            "route.2280472193.vpc_peering_connection_id": "pcx-7ce89b15",
                            "route.2792125231.cidr_block": "10.125.0.0/19",
                            "route.2792125231.egress_only_gateway_id": "",
                            "route.2792125231.gateway_id": "",
                            "route.2792125231.instance_id": "",
                            "route.2792125231.ipv6_cidr_block": "",
                            "route.2792125231.nat_gateway_id": "",
                            "route.2792125231.network_interface_id": "",
                            "route.2792125231.vpc_peering_connection_id": "pcx-d2ed9ebb",
                            "route.4040677360.cidr_block": "10.127.22.7/32",
                            "route.4040677360.egress_only_gateway_id": "",
                            "route.4040677360.gateway_id": "",
                            "route.4040677360.instance_id": "",
                            "route.4040677360.ipv6_cidr_block": "",
                            "route.4040677360.nat_gateway_id": "",
                            "route.4040677360.network_interface_id": "",
                            "route.4040677360.vpc_peering_connection_id": "pcx-8b7202e2",
                            "tags.%": "5",
                            "tags.Name": "test-natdc-routetable",
                            "tags.account_name": "jive-data-pipeline",
                            "tags.pipeline_phase": "test",
                            "tags.region": "us-east-1",
                            "tags.sla": "non-prod",
                            "vpc_id": "vpc-26f9665f"
                        },
                        "meta": {},
                        "tainted": false
                    },
                    "deposed": [],
                    "provider": ""
                },
                "aws_route_table.natdc.4": {
                    "type": "aws_route_table",
                    "depends_on": [
                        "aws_nat_gateway.natgw.*",
                        "aws_vpc.main",
                        "aws_vpn_gateway.vgw"
                    ],
                    "primary": {
                        "id": "rtb-82ab89fa",
                        "attributes": {
                            "id": "rtb-82ab89fa",
                            "propagating_vgws.#": "1",
                            "propagating_vgws.501994584": "vgw-b28a61db",
                            "route.#": "4",
                            "route.2280472193.cidr_block": "10.125.96.0/20",
                            "route.2280472193.egress_only_gateway_id": "",
                            "route.2280472193.gateway_id": "",
                            "route.2280472193.instance_id": "",
                            "route.2280472193.ipv6_cidr_block": "",
                            "route.2280472193.nat_gateway_id": "",
                            "route.2280472193.network_interface_id": "",
                            "route.2280472193.vpc_peering_connection_id": "pcx-7ce89b15",
                            "route.2792125231.cidr_block": "10.125.0.0/19",
                            "route.2792125231.egress_only_gateway_id": "",
                            "route.2792125231.gateway_id": "",
                            "route.2792125231.instance_id": "",
                            "route.2792125231.ipv6_cidr_block": "",
                            "route.2792125231.nat_gateway_id": "",
                            "route.2792125231.network_interface_id": "",
                            "route.2792125231.vpc_peering_connection_id": "pcx-d2ed9ebb",
                            "route.3299558596.cidr_block": "0.0.0.0/0",
                            "route.3299558596.egress_only_gateway_id": "",
                            "route.3299558596.gateway_id": "",
                            "route.3299558596.instance_id": "",
                            "route.3299558596.ipv6_cidr_block": "",
                            "route.3299558596.nat_gateway_id": "nat-09283d0110c62b834",
                            "route.3299558596.network_interface_id": "",
                            "route.3299558596.vpc_peering_connection_id": "",
                            "route.4040677360.cidr_block": "10.127.22.7/32",
                            "route.4040677360.egress_only_gateway_id": "",
                            "route.4040677360.gateway_id": "",
                            "route.4040677360.instance_id": "",
                            "route.4040677360.ipv6_cidr_block": "",
                            "route.4040677360.nat_gateway_id": "",
                            "route.4040677360.network_interface_id": "",
                            "route.4040677360.vpc_peering_connection_id": "pcx-8b7202e2",
                            "tags.%": "5",
                            "tags.Name": "test-natdc-routetable",
                            "tags.account_name": "jive-data-pipeline",
                            "tags.pipeline_phase": "test",
                            "tags.region": "us-east-1",
                            "tags.sla": "non-prod",
                            "vpc_id": "vpc-26f9665f"
                        },
                        "meta": {},
                        "tainted": false
                    },
                    "deposed": [],
                    "provider": ""
                },
                "aws_route_table.private": {
                    "type": "aws_route_table",
                    "depends_on": [
                        "aws_vpc.main"
                    ],
                    "primary": {
                        "id": "rtb-49a68431",
                        "attributes": {
                            "id": "rtb-49a68431",
                            "propagating_vgws.#": "0",
                            "route.#": "3",
                            "route.2280472193.cidr_block": "10.125.96.0/20",
                            "route.2280472193.egress_only_gateway_id": "",
                            "route.2280472193.gateway_id": "",
                            "route.2280472193.instance_id": "",
                            "route.2280472193.ipv6_cidr_block": "",
                            "route.2280472193.nat_gateway_id": "",
                            "route.2280472193.network_interface_id": "",
                            "route.2280472193.vpc_peering_connection_id": "pcx-7ce89b15",
                            "route.2792125231.cidr_block": "10.125.0.0/19",
                            "route.2792125231.egress_only_gateway_id": "",
                            "route.2792125231.gateway_id": "",
                            "route.2792125231.instance_id": "",
                            "route.2792125231.ipv6_cidr_block": "",
                            "route.2792125231.nat_gateway_id": "",
                            "route.2792125231.network_interface_id": "",
                            "route.2792125231.vpc_peering_connection_id": "pcx-d2ed9ebb",
                            "route.4040677360.cidr_block": "10.127.22.7/32",
                            "route.4040677360.egress_only_gateway_id": "",
                            "route.4040677360.gateway_id": "",
                            "route.4040677360.instance_id": "",
                            "route.4040677360.ipv6_cidr_block": "",
                            "route.4040677360.nat_gateway_id": "",
                            "route.4040677360.network_interface_id": "",
                            "route.4040677360.vpc_peering_connection_id": "pcx-8b7202e2",
                            "tags.%": "5",
                            "tags.Name": "test-private-routetable",
                            "tags.account_name": "jive-data-pipeline",
                            "tags.pipeline_phase": "test",
                            "tags.region": "us-east-1",
                            "tags.sla": "non-prod",
                            "vpc_id": "vpc-26f9665f"
                        },
                        "meta": {},
                        "tainted": false
                    },
                    "deposed": [],
                    "provider": ""
                },
                "aws_route_table.public": {
                    "type": "aws_route_table",
                    "depends_on": [
                        "aws_internet_gateway.igw",
                        "aws_vpc.main"
                    ],
                    "primary": {
                        "id": "rtb-17a4866f",
                        "attributes": {
                            "id": "rtb-17a4866f",
                            "propagating_vgws.#": "0",
                            "route.#": "4",
                            "route.2280472193.cidr_block": "10.125.96.0/20",
                            "route.2280472193.egress_only_gateway_id": "",
                            "route.2280472193.gateway_id": "",
                            "route.2280472193.instance_id": "",
                            "route.2280472193.ipv6_cidr_block": "",
                            "route.2280472193.nat_gateway_id": "",
                            "route.2280472193.network_interface_id": "",
                            "route.2280472193.vpc_peering_connection_id": "pcx-7ce89b15",
                            "route.2792125231.cidr_block": "10.125.0.0/19",
                            "route.2792125231.egress_only_gateway_id": "",
                            "route.2792125231.gateway_id": "",
                            "route.2792125231.instance_id": "",
                            "route.2792125231.ipv6_cidr_block": "",
                            "route.2792125231.nat_gateway_id": "",
                            "route.2792125231.network_interface_id": "",
                            "route.2792125231.vpc_peering_connection_id": "pcx-d2ed9ebb",
                            "route.4040677360.cidr_block": "10.127.22.7/32",
                            "route.4040677360.egress_only_gateway_id": "",
                            "route.4040677360.gateway_id": "",
                            "route.4040677360.instance_id": "",
                            "route.4040677360.ipv6_cidr_block": "",
                            "route.4040677360.nat_gateway_id": "",
                            "route.4040677360.network_interface_id": "",
                            "route.4040677360.vpc_peering_connection_id": "pcx-8b7202e2",
                            "route.51562862.cidr_block": "0.0.0.0/0",
                            "route.51562862.egress_only_gateway_id": "",
                            "route.51562862.gateway_id": "igw-9892dffe",
                            "route.51562862.instance_id": "",
                            "route.51562862.ipv6_cidr_block": "",
                            "route.51562862.nat_gateway_id": "",
                            "route.51562862.network_interface_id": "",
                            "route.51562862.vpc_peering_connection_id": "",
                            "tags.%": "6",
                            "tags.KubernetesCluster": "us-east-1_jive-data-pipeline",
                            "tags.Name": "test-public-routetable",
                            "tags.account_name": "jive-data-pipeline",
                            "tags.pipeline_phase": "test",
                            "tags.region": "us-east-1",
                            "tags.sla": "non-prod",
                            "vpc_id": "vpc-26f9665f"
                        },
                        "meta": {},
                        "tainted": false
                    },
                    "deposed": [],
                    "provider": ""
                },
                "aws_route_table_association.natdc.0": {
                    "type": "aws_route_table_association",
                    "depends_on": [
                        "aws_route_table.natdc.*",
                        "aws_subnet.natdc.*"
                    ],
                    "primary": {
                        "id": "rtbassoc-2b716d50",
                        "attributes": {
                            "id": "rtbassoc-2b716d50",
                            "route_table_id": "rtb-eaa58792",
                            "subnet_id": "subnet-4c9dd304"
                        },
                        "meta": {},
                        "tainted": false
                    },
                    "deposed": [],
                    "provider": ""
                },
                "aws_route_table_association.natdc.1": {
                    "type": "aws_route_table_association",
                    "depends_on": [
                        "aws_route_table.natdc.*",
                        "aws_subnet.natdc.*"
                    ],
                    "primary": {
                        "id": "rtbassoc-417b673a",
                        "attributes": {
                            "id": "rtbassoc-417b673a",
                            "route_table_id": "rtb-3aa78542",
                            "subnet_id": "subnet-d8ee6082"
                        },
                        "meta": {},
                        "tainted": false
                    },
                    "deposed": [],
                    "provider": ""
                },
                "aws_route_table_association.natdc.2": {
                    "type": "aws_route_table_association",
                    "depends_on": [
                        "aws_route_table.natdc.*",
                        "aws_subnet.natdc.*"
                    ],
                    "primary": {
                        "id": "rtbassoc-1e7d6165",
                        "attributes": {
                            "id": "rtbassoc-1e7d6165",
                            "route_table_id": "rtb-d7a785af",
                            "subnet_id": "subnet-79fa1d1d"
                        },
                        "meta": {},
                        "tainted": false
                    },
                    "deposed": [],
                    "provider": ""
                },
                "aws_route_table_association.natdc.3": {
                    "type": "aws_route_table_association",
                    "depends_on": [
                        "aws_route_table.natdc.*",
                        "aws_subnet.natdc.*"
                    ],
                    "primary": {
                        "id": "rtbassoc-337f6348",
                        "attributes": {
                            "id": "rtbassoc-337f6348",
                            "route_table_id": "rtb-56ac8e2e",
                            "subnet_id": "subnet-e73aadcb"
                        },
                        "meta": {},
                        "tainted": false
                    },
                    "deposed": [],
                    "provider": ""
                },
                "aws_route_table_association.natdc.4": {
                    "type": "aws_route_table_association",
                    "depends_on": [
                        "aws_route_table.natdc.*",
                        "aws_subnet.natdc.*"
                    ],
                    "primary": {
                        "id": "rtbassoc-6475691f",
                        "attributes": {
                            "id": "rtbassoc-6475691f",
                            "route_table_id": "rtb-82ab89fa",
                            "subnet_id": "subnet-5f7f7e63"
                        },
                        "meta": {},
                        "tainted": false
                    },
                    "deposed": [],
                    "provider": ""
                },
                "aws_route_table_association.private.0": {
                    "type": "aws_route_table_association",
                    "depends_on": [
                        "aws_route_table.private",
                        "aws_subnet.private.*"
                    ],
                    "primary": {
                        "id": "rtbassoc-08726e73",
                        "attributes": {
                            "id": "rtbassoc-08726e73",
                            "route_table_id": "rtb-49a68431",
                            "subnet_id": "subnet-6998d621"
                        },
                        "meta": {},
                        "tainted": false
                    },
                    "deposed": [],
                    "provider": ""
                },
                "aws_route_table_association.private.1": {
                    "type": "aws_route_table_association",
                    "depends_on": [
                        "aws_route_table.private",
                        "aws_subnet.private.*"
                    ],
                    "primary": {
                        "id": "rtbassoc-63756918",
                        "attributes": {
                            "id": "rtbassoc-63756918",
                            "route_table_id": "rtb-49a68431",
                            "subnet_id": "subnet-a2ef61f8"
                        },
                        "meta": {},
                        "tainted": false
                    },
                    "deposed": [],
                    "provider": ""
                },
                "aws_route_table_association.private.2": {
                    "type": "aws_route_table_association",
                    "depends_on": [
                        "aws_route_table.private",
                        "aws_subnet.private.*"
                    ],
                    "primary": {
                        "id": "rtbassoc-197a6662",
                        "attributes": {
                            "id": "rtbassoc-197a6662",
                            "route_table_id": "rtb-49a68431",
                            "subnet_id": "subnet-d7f116b3"
                        },
                        "meta": {},
                        "tainted": false
                    },
                    "deposed": [],
                    "provider": ""
                },
                "aws_route_table_association.private.3": {
                    "type": "aws_route_table_association",
                    "depends_on": [
                        "aws_route_table.private",
                        "aws_subnet.private.*"
                    ],
                    "primary": {
                        "id": "rtbassoc-92706ce9",
                        "attributes": {
                            "id": "rtbassoc-92706ce9",
                            "route_table_id": "rtb-49a68431",
                            "subnet_id": "subnet-7e38af52"
                        },
                        "meta": {},
                        "tainted": false
                    },
                    "deposed": [],
                    "provider": ""
                },
                "aws_route_table_association.private.4": {
                    "type": "aws_route_table_association",
                    "depends_on": [
                        "aws_route_table.private",
                        "aws_subnet.private.*"
                    ],
                    "primary": {
                        "id": "rtbassoc-917569ea",
                        "attributes": {
                            "id": "rtbassoc-917569ea",
                            "route_table_id": "rtb-49a68431",
                            "subnet_id": "subnet-157b7a29"
                        },
                        "meta": {},
                        "tainted": false
                    },
                    "deposed": [],
                    "provider": ""
                },
                "aws_route_table_association.public.0": {
                    "type": "aws_route_table_association",
                    "depends_on": [
                        "aws_route_table.public",
                        "aws_subnet.public.*"
                    ],
                    "primary": {
                        "id": "rtbassoc-d97965a2",
                        "attributes": {
                            "id": "rtbassoc-d97965a2",
                            "route_table_id": "rtb-17a4866f",
                            "subnet_id": "subnet-169bd55e"
                        },
                        "meta": {},
                        "tainted": false
                    },
                    "deposed": [],
                    "provider": ""
                },
                "aws_route_table_association.public.1": {
                    "type": "aws_route_table_association",
                    "depends_on": [
                        "aws_route_table.public",
                        "aws_subnet.public.*"
                    ],
                    "primary": {
                        "id": "rtbassoc-23746858",
                        "attributes": {
                            "id": "rtbassoc-23746858",
                            "route_table_id": "rtb-17a4866f",
                            "subnet_id": "subnet-1fe76945"
                        },
                        "meta": {},
                        "tainted": false
                    },
                    "deposed": [],
                    "provider": ""
                },
                "aws_route_table_association.public.2": {
                    "type": "aws_route_table_association",
                    "depends_on": [
                        "aws_route_table.public",
                        "aws_subnet.public.*"
                    ],
                    "primary": {
                        "id": "rtbassoc-717a660a",
                        "attributes": {
                            "id": "rtbassoc-717a660a",
                            "route_table_id": "rtb-17a4866f",
                            "subnet_id": "subnet-bafd1ade"
                        },
                        "meta": {},
                        "tainted": false
                    },
                    "deposed": [],
                    "provider": ""
                },
                "aws_route_table_association.public.3": {
                    "type": "aws_route_table_association",
                    "depends_on": [
                        "aws_route_table.public",
                        "aws_subnet.public.*"
                    ],
                    "primary": {
                        "id": "rtbassoc-907569eb",
                        "attributes": {
                            "id": "rtbassoc-907569eb",
                            "route_table_id": "rtb-17a4866f",
                            "subnet_id": "subnet-f227b0de"
                        },
                        "meta": {},
                        "tainted": false
                    },
                    "deposed": [],
                    "provider": ""
                },
                "aws_route_table_association.public.4": {
                    "type": "aws_route_table_association",
                    "depends_on": [
                        "aws_route_table.public",
                        "aws_subnet.public.*"
                    ],
                    "primary": {
                        "id": "rtbassoc-da7965a1",
                        "attributes": {
                            "id": "rtbassoc-da7965a1",
                            "route_table_id": "rtb-17a4866f",
                            "subnet_id": "subnet-417d7c7d"
                        },
                        "meta": {},
                        "tainted": false
                    },
                    "deposed": [],
                    "provider": ""
                },
                "aws_security_group.admin_instance": {
                    "type": "aws_security_group",
                    "depends_on": [
                        "aws_vpc.main"
                    ],
                    "primary": {
                        "id": "sg-fd33748c",
                        "attributes": {
                            "description": "Admin instances for the VPC",
                            "egress.#": "0",
                            "id": "sg-fd33748c",
                            "ingress.#": "0",
                            "name": "test-admin-instance",
                            "owner_id": "999547976641",
                            "tags.%": "5",
                            "tags.Name": "test-admin-instance",
                            "tags.account_name": "jive-data-pipeline",
                            "tags.pipeline_phase": "test",
                            "tags.region": "us-east-1",
                            "tags.sla": "non-prod",
                            "vpc_id": "vpc-26f9665f"
                        },
                        "meta": {},
                        "tainted": false
                    },
                    "deposed": [],
                    "provider": ""
                },
                "aws_security_group.env_instance": {
                    "type": "aws_security_group",
                    "depends_on": [
                        "aws_vpc.main",
                        "data.aws_security_group.bastion"
                    ],
                    "primary": {
                        "id": "sg-ac2e69dd",
                        "attributes": {
                            "description": "All instances within the evironment",
                            "egress.#": "1",
                            "egress.482069346.cidr_blocks.#": "1",
                            "egress.482069346.cidr_blocks.0": "0.0.0.0/0",
                            "egress.482069346.from_port": "0",
                            "egress.482069346.ipv6_cidr_blocks.#": "0",
                            "egress.482069346.prefix_list_ids.#": "0",
                            "egress.482069346.protocol": "-1",
                            "egress.482069346.security_groups.#": "0",
                            "egress.482069346.self": "false",
                            "egress.482069346.to_port": "0",
                            "id": "sg-ac2e69dd",
                            "ingress.#": "2",
                            "ingress.1141133116.cidr_blocks.#": "0",
                            "ingress.1141133116.from_port": "8",
                            "ingress.1141133116.ipv6_cidr_blocks.#": "0",
                            "ingress.1141133116.protocol": "icmp",
                            "ingress.1141133116.security_groups.#": "1",
                            "ingress.1141133116.security_groups.2643753069": "sg-5baeea2a",
                            "ingress.1141133116.self": "false",
                            "ingress.1141133116.to_port": "0",
                            "ingress.4184903839.cidr_blocks.#": "0",
                            "ingress.4184903839.from_port": "22",
                            "ingress.4184903839.ipv6_cidr_blocks.#": "0",
                            "ingress.4184903839.protocol": "tcp",
                            "ingress.4184903839.security_groups.#": "1",
                            "ingress.4184903839.security_groups.2643753069": "sg-5baeea2a",
                            "ingress.4184903839.self": "false",
                            "ingress.4184903839.to_port": "22",
                            "name": "test-instance",
                            "owner_id": "999547976641",
                            "tags.%": "5",
                            "tags.Name": "test-instance",
                            "tags.account_name": "jive-data-pipeline",
                            "tags.pipeline_phase": "test",
                            "tags.region": "us-east-1",
                            "tags.sla": "non-prod",
                            "vpc_id": "vpc-26f9665f"
                        },
                        "meta": {},
                        "tainted": false
                    },
                    "deposed": [],
                    "provider": ""
                },
                "aws_security_group.natgw_instance": {
                    "type": "aws_security_group",
                    "depends_on": [
                        "aws_security_group.env_instance",
                        "aws_vpc.main"
                    ],
                    "primary": {
                        "id": "sg-08367179",
                        "attributes": {
                            "description": "Members of this SG are allowed to send any type of traffic to the NAT Box.",
                            "egress.#": "0",
                            "id": "sg-08367179",
                            "ingress.#": "1",
                            "ingress.793705862.cidr_blocks.#": "0",
                            "ingress.793705862.from_port": "0",
                            "ingress.793705862.ipv6_cidr_blocks.#": "0",
                            "ingress.793705862.protocol": "-1",
                            "ingress.793705862.security_groups.#": "1",
                            "ingress.793705862.security_groups.1191781797": "sg-ac2e69dd",
                            "ingress.793705862.self": "false",
                            "ingress.793705862.to_port": "0",
                            "name": "test-natgw-instance",
                            "owner_id": "999547976641",
                            "tags.%": "5",
                            "tags.Name": "test-natgw-instance",
                            "tags.account_name": "jive-data-pipeline",
                            "tags.pipeline_phase": "test",
                            "tags.region": "us-east-1",
                            "tags.sla": "non-prod",
                            "vpc_id": "vpc-26f9665f"
                        },
                        "meta": {},
                        "tainted": false
                    },
                    "deposed": [],
                    "provider": ""
                },
                "aws_subnet.natdc.0": {
                    "type": "aws_subnet",
                    "depends_on": [
                        "aws_vpc.main"
                    ],
                    "primary": {
                        "id": "subnet-4c9dd304",
                        "attributes": {
                            "assign_ipv6_address_on_creation": "false",
                            "availability_zone": "us-east-1a",
                            "cidr_block": "10.123.20.0/25",
                            "id": "subnet-4c9dd304",
                            "map_public_ip_on_launch": "false",
                            "tags.%": "7",
                            "tags.KubernetesCluster": "us-east-1_jive-data-pipeline",
                            "tags.Name": "test-natdc-subnet",
                            "tags.account_name": "jive-data-pipeline",
                            "tags.kubernetes.io/role/internal-elb": "us-east-1_jive-data-pipeline",
                            "tags.pipeline_phase": "test",
                            "tags.region": "us-east-1",
                            "tags.sla": "non-prod",
                            "vpc_id": "vpc-26f9665f"
                        },
                        "meta": {
                            "schema_version": "1"
                        },
                        "tainted": false
                    },
                    "deposed": [],
                    "provider": ""
                },
                "aws_subnet.natdc.1": {
                    "type": "aws_subnet",
                    "depends_on": [
                        "aws_vpc.main"
                    ],
                    "primary": {
                        "id": "subnet-d8ee6082",
                        "attributes": {
                            "assign_ipv6_address_on_creation": "false",
                            "availability_zone": "us-east-1b",
                            "cidr_block": "10.123.20.128/25",
                            "id": "subnet-d8ee6082",
                            "map_public_ip_on_launch": "false",
                            "tags.%": "7",
                            "tags.KubernetesCluster": "us-east-1_jive-data-pipeline",
                            "tags.Name": "test-natdc-subnet",
                            "tags.account_name": "jive-data-pipeline",
                            "tags.kubernetes.io/role/internal-elb": "us-east-1_jive-data-pipeline",
                            "tags.pipeline_phase": "test",
                            "tags.region": "us-east-1",
                            "tags.sla": "non-prod",
                            "vpc_id": "vpc-26f9665f"
                        },
                        "meta": {
                            "schema_version": "1"
                        },
                        "tainted": false
                    },
                    "deposed": [],
                    "provider": ""
                },
                "aws_subnet.natdc.2": {
                    "type": "aws_subnet",
                    "depends_on": [
                        "aws_vpc.main"
                    ],
                    "primary": {
                        "id": "subnet-79fa1d1d",
                        "attributes": {
                            "assign_ipv6_address_on_creation": "false",
                            "availability_zone": "us-east-1c",
                            "cidr_block": "10.123.21.0/25",
                            "id": "subnet-79fa1d1d",
                            "map_public_ip_on_launch": "false",
                            "tags.%": "7",
                            "tags.KubernetesCluster": "us-east-1_jive-data-pipeline",
                            "tags.Name": "test-natdc-subnet",
                            "tags.account_name": "jive-data-pipeline",
                            "tags.kubernetes.io/role/internal-elb": "us-east-1_jive-data-pipeline",
                            "tags.pipeline_phase": "test",
                            "tags.region": "us-east-1",
                            "tags.sla": "non-prod",
                            "vpc_id": "vpc-26f9665f"
                        },
                        "meta": {
                            "schema_version": "1"
                        },
                        "tainted": false
                    },
                    "deposed": [],
                    "provider": ""
                },
                "aws_subnet.natdc.3": {
                    "type": "aws_subnet",
                    "depends_on": [
                        "aws_vpc.main"
                    ],
                    "primary": {
                        "id": "subnet-e73aadcb",
                        "attributes": {
                            "assign_ipv6_address_on_creation": "false",
                            "availability_zone": "us-east-1d",
                            "cidr_block": "10.123.21.128/25",
                            "id": "subnet-e73aadcb",
                            "map_public_ip_on_launch": "false",
                            "tags.%": "7",
                            "tags.KubernetesCluster": "us-east-1_jive-data-pipeline",
                            "tags.Name": "test-natdc-subnet",
                            "tags.account_name": "jive-data-pipeline",
                            "tags.kubernetes.io/role/internal-elb": "us-east-1_jive-data-pipeline",
                            "tags.pipeline_phase": "test",
                            "tags.region": "us-east-1",
                            "tags.sla": "non-prod",
                            "vpc_id": "vpc-26f9665f"
                        },
                        "meta": {
                            "schema_version": "1"
                        },
                        "tainted": false
                    },
                    "deposed": [],
                    "provider": ""
                },
                "aws_subnet.natdc.4": {
                    "type": "aws_subnet",
                    "depends_on": [
                        "aws_vpc.main"
                    ],
                    "primary": {
                        "id": "subnet-5f7f7e63",
                        "attributes": {
                            "assign_ipv6_address_on_creation": "false",
                            "availability_zone": "us-east-1e",
                            "cidr_block": "10.123.22.0/25",
                            "id": "subnet-5f7f7e63",
                            "map_public_ip_on_launch": "false",
                            "tags.%": "7",
                            "tags.KubernetesCluster": "us-east-1_jive-data-pipeline",
                            "tags.Name": "test-natdc-subnet",
                            "tags.account_name": "jive-data-pipeline",
                            "tags.kubernetes.io/role/internal-elb": "us-east-1_jive-data-pipeline",
                            "tags.pipeline_phase": "test",
                            "tags.region": "us-east-1",
                            "tags.sla": "non-prod",
                            "vpc_id": "vpc-26f9665f"
                        },
                        "meta": {
                            "schema_version": "1"
                        },
                        "tainted": false
                    },
                    "deposed": [],
                    "provider": ""
                },
                "aws_subnet.private.0": {
                    "type": "aws_subnet",
                    "depends_on": [
                        "aws_vpc.main"
                    ],
                    "primary": {
                        "id": "subnet-6998d621",
                        "attributes": {
                            "assign_ipv6_address_on_creation": "false",
                            "availability_zone": "us-east-1a",
                            "cidr_block": "10.123.23.32/27",
                            "id": "subnet-6998d621",
                            "map_public_ip_on_launch": "false",
                            "tags.%": "5",
                            "tags.Name": "test-private-subnet",
                            "tags.account_name": "jive-data-pipeline",
                            "tags.pipeline_phase": "test",
                            "tags.region": "us-east-1",
                            "tags.sla": "non-prod",
                            "vpc_id": "vpc-26f9665f"
                        },
                        "meta": {
                            "schema_version": "1"
                        },
                        "tainted": false
                    },
                    "deposed": [],
                    "provider": ""
                },
                "aws_subnet.private.1": {
                    "type": "aws_subnet",
                    "depends_on": [
                        "aws_vpc.main"
                    ],
                    "primary": {
                        "id": "subnet-a2ef61f8",
                        "attributes": {
                            "assign_ipv6_address_on_creation": "false",
                            "availability_zone": "us-east-1b",
                            "cidr_block": "10.123.23.64/27",
                            "id": "subnet-a2ef61f8",
                            "map_public_ip_on_launch": "false",
                            "tags.%": "5",
                            "tags.Name": "test-private-subnet",
                            "tags.account_name": "jive-data-pipeline",
                            "tags.pipeline_phase": "test",
                            "tags.region": "us-east-1",
                            "tags.sla": "non-prod",
                            "vpc_id": "vpc-26f9665f"
                        },
                        "meta": {
                            "schema_version": "1"
                        },
                        "tainted": false
                    },
                    "deposed": [],
                    "provider": ""
                },
                "aws_subnet.private.2": {
                    "type": "aws_subnet",
                    "depends_on": [
                        "aws_vpc.main"
                    ],
                    "primary": {
                        "id": "subnet-d7f116b3",
                        "attributes": {
                            "assign_ipv6_address_on_creation": "false",
                            "availability_zone": "us-east-1c",
                            "cidr_block": "10.123.23.96/27",
                            "id": "subnet-d7f116b3",
                            "map_public_ip_on_launch": "false",
                            "tags.%": "5",
                            "tags.Name": "test-private-subnet",
                            "tags.account_name": "jive-data-pipeline",
                            "tags.pipeline_phase": "test",
                            "tags.region": "us-east-1",
                            "tags.sla": "non-prod",
                            "vpc_id": "vpc-26f9665f"
                        },
                        "meta": {
                            "schema_version": "1"
                        },
                        "tainted": false
                    },
                    "deposed": [],
                    "provider": ""
                },
                "aws_subnet.private.3": {
                    "type": "aws_subnet",
                    "depends_on": [
                        "aws_vpc.main"
                    ],
                    "primary": {
                        "id": "subnet-7e38af52",
                        "attributes": {
                            "assign_ipv6_address_on_creation": "false",
                            "availability_zone": "us-east-1d",
                            "cidr_block": "10.123.23.128/27",
                            "id": "subnet-7e38af52",
                            "map_public_ip_on_launch": "false",
                            "tags.%": "5",
                            "tags.Name": "test-private-subnet",
                            "tags.account_name": "jive-data-pipeline",
                            "tags.pipeline_phase": "test",
                            "tags.region": "us-east-1",
                            "tags.sla": "non-prod",
                            "vpc_id": "vpc-26f9665f"
                        },
                        "meta": {
                            "schema_version": "1"
                        },
                        "tainted": false
                    },
                    "deposed": [],
                    "provider": ""
                },
                "aws_subnet.private.4": {
                    "type": "aws_subnet",
                    "depends_on": [
                        "aws_vpc.main"
                    ],
                    "primary": {
                        "id": "subnet-157b7a29",
                        "attributes": {
                            "assign_ipv6_address_on_creation": "false",
                            "availability_zone": "us-east-1e",
                            "cidr_block": "10.123.23.160/27",
                            "id": "subnet-157b7a29",
                            "map_public_ip_on_launch": "false",
                            "tags.%": "5",
                            "tags.Name": "test-private-subnet",
                            "tags.account_name": "jive-data-pipeline",
                            "tags.pipeline_phase": "test",
                            "tags.region": "us-east-1",
                            "tags.sla": "non-prod",
                            "vpc_id": "vpc-26f9665f"
                        },
                        "meta": {
                            "schema_version": "1"
                        },
                        "tainted": false
                    },
                    "deposed": [],
                    "provider": ""
                },
                "aws_subnet.public.0": {
                    "type": "aws_subnet",
                    "depends_on": [
                        "aws_vpc.main"
                    ],
                    "primary": {
                        "id": "subnet-169bd55e",
                        "attributes": {
                            "assign_ipv6_address_on_creation": "false",
                            "availability_zone": "us-east-1a",
                            "cidr_block": "10.123.22.128/27",
                            "id": "subnet-169bd55e",
                            "map_public_ip_on_launch": "false",
                            "tags.%": "6",
                            "tags.KubernetesCluster": "us-east-1_jive-data-pipeline",
                            "tags.Name": "test-public-subnet",
                            "tags.account_name": "jive-data-pipeline",
                            "tags.pipeline_phase": "test",
                            "tags.region": "us-east-1",
                            "tags.sla": "non-prod",
                            "vpc_id": "vpc-26f9665f"
                        },
                        "meta": {
                            "schema_version": "1"
                        },
                        "tainted": false
                    },
                    "deposed": [],
                    "provider": ""
                },
                "aws_subnet.public.1": {
                    "type": "aws_subnet",
                    "depends_on": [
                        "aws_vpc.main"
                    ],
                    "primary": {
                        "id": "subnet-1fe76945",
                        "attributes": {
                            "assign_ipv6_address_on_creation": "false",
                            "availability_zone": "us-east-1b",
                            "cidr_block": "10.123.22.160/27",
                            "id": "subnet-1fe76945",
                            "map_public_ip_on_launch": "false",
                            "tags.%": "6",
                            "tags.KubernetesCluster": "us-east-1_jive-data-pipeline",
                            "tags.Name": "test-public-subnet",
                            "tags.account_name": "jive-data-pipeline",
                            "tags.pipeline_phase": "test",
                            "tags.region": "us-east-1",
                            "tags.sla": "non-prod",
                            "vpc_id": "vpc-26f9665f"
                        },
                        "meta": {
                            "schema_version": "1"
                        },
                        "tainted": false
                    },
                    "deposed": [],
                    "provider": ""
                },
                "aws_subnet.public.2": {
                    "type": "aws_subnet",
                    "depends_on": [
                        "aws_vpc.main"
                    ],
                    "primary": {
                        "id": "subnet-bafd1ade",
                        "attributes": {
                            "assign_ipv6_address_on_creation": "false",
                            "availability_zone": "us-east-1c",
                            "cidr_block": "10.123.22.192/27",
                            "id": "subnet-bafd1ade",
                            "map_public_ip_on_launch": "false",
                            "tags.%": "6",
                            "tags.KubernetesCluster": "us-east-1_jive-data-pipeline",
                            "tags.Name": "test-public-subnet",
                            "tags.account_name": "jive-data-pipeline",
                            "tags.pipeline_phase": "test",
                            "tags.region": "us-east-1",
                            "tags.sla": "non-prod",
                            "vpc_id": "vpc-26f9665f"
                        },
                        "meta": {
                            "schema_version": "1"
                        },
                        "tainted": false
                    },
                    "deposed": [],
                    "provider": ""
                },
                "aws_subnet.public.3": {
                    "type": "aws_subnet",
                    "depends_on": [
                        "aws_vpc.main"
                    ],
                    "primary": {
                        "id": "subnet-f227b0de",
                        "attributes": {
                            "assign_ipv6_address_on_creation": "false",
                            "availability_zone": "us-east-1d",
                            "cidr_block": "10.123.22.224/27",
                            "id": "subnet-f227b0de",
                            "map_public_ip_on_launch": "false",
                            "tags.%": "6",
                            "tags.KubernetesCluster": "us-east-1_jive-data-pipeline",
                            "tags.Name": "test-public-subnet",
                            "tags.account_name": "jive-data-pipeline",
                            "tags.pipeline_phase": "test",
                            "tags.region": "us-east-1",
                            "tags.sla": "non-prod",
                            "vpc_id": "vpc-26f9665f"
                        },
                        "meta": {
                            "schema_version": "1"
                        },
                        "tainted": false
                    },
                    "deposed": [],
                    "provider": ""
                },
                "aws_subnet.public.4": {
                    "type": "aws_subnet",
                    "depends_on": [
                        "aws_vpc.main"
                    ],
                    "primary": {
                        "id": "subnet-417d7c7d",
                        "attributes": {
                            "assign_ipv6_address_on_creation": "false",
                            "availability_zone": "us-east-1e",
                            "cidr_block": "10.123.23.0/27",
                            "id": "subnet-417d7c7d",
                            "map_public_ip_on_launch": "false",
                            "tags.%": "6",
                            "tags.KubernetesCluster": "us-east-1_jive-data-pipeline",
                            "tags.Name": "test-public-subnet",
                            "tags.account_name": "jive-data-pipeline",
                            "tags.pipeline_phase": "test",
                            "tags.region": "us-east-1",
                            "tags.sla": "non-prod",
                            "vpc_id": "vpc-26f9665f"
                        },
                        "meta": {
                            "schema_version": "1"
                        },
                        "tainted": false
                    },
                    "deposed": [],
                    "provider": ""
                },
                "aws_vpc.main": {
                    "type": "aws_vpc",
                    "depends_on": [],
                    "primary": {
                        "id": "vpc-26f9665f",
                        "attributes": {
                            "assign_generated_ipv6_cidr_block": "false",
                            "cidr_block": "10.123.20.0/22",
                            "default_network_acl_id": "acl-d9888ea0",
                            "default_route_table_id": "rtb-87a587ff",
                            "default_security_group_id": "sg-602e6911",
                            "dhcp_options_id": "dopt-29e6c44c",
                            "enable_classiclink": "false",
                            "enable_dns_hostnames": "true",
                            "enable_dns_support": "true",
                            "id": "vpc-26f9665f",
                            "instance_tenancy": "default",
                            "main_route_table_id": "rtb-87a587ff",
                            "tags.%": "5",
                            "tags.Name": "test-vpc",
                            "tags.account_name": "jive-data-pipeline",
                            "tags.pipeline_phase": "test",
                            "tags.region": "us-east-1",
                            "tags.sla": "non-prod"
                        },
                        "meta": {
                            "schema_version": "1"
                        },
                        "tainted": false
                    },
                    "deposed": [],
                    "provider": ""
                },
                "aws_vpc_peering_connection.infra": {
                    "type": "aws_vpc_peering_connection",
                    "depends_on": [
                        "aws_vpc.main"
                    ],
                    "primary": {
                        "id": "pcx-8b7202e2",
                        "attributes": {
                            "accept_status": "active",
                            "accepter.#": "1",
                            "accepter.3244290774.allow_classic_link_to_remote_vpc": "false",
                            "accepter.3244290774.allow_remote_vpc_dns_resolution": "false",
                            "accepter.3244290774.allow_vpc_to_remote_classic_link": "false",
                            "auto_accept": "true",
                            "id": "pcx-8b7202e2",
                            "peer_owner_id": "999547976641",
                            "peer_vpc_id": "vpc-9021bde9",
                            "requester.#": "1",
                            "requester.3244290774.allow_classic_link_to_remote_vpc": "false",
                            "requester.3244290774.allow_remote_vpc_dns_resolution": "false",
                            "requester.3244290774.allow_vpc_to_remote_classic_link": "false",
                            "tags.%": "5",
                            "tags.Name": "test_to_infra-jive-data-pipeline",
                            "tags.account_name": "jive-data-pipeline",
                            "tags.pipeline_phase": "test",
                            "tags.region": "us-east-1",
                            "tags.sla": "non-prod",
                            "vpc_id": "vpc-26f9665f"
                        },
                        "meta": {},
                        "tainted": false
                    },
                    "deposed": [],
                    "provider": ""
                },
                "aws_vpn_connection.main": {
                    "type": "aws_vpn_connection",
                    "depends_on": [
                        "aws_vpn_gateway.vgw"
                    ],
                    "primary": {
                        "id": "vpn-1f65767e",
                        "attributes": {
                            "customer_gateway_configuration": "\u003c?xml version=\"1.0\" encoding=\"UTF-8\"?\u003e\n\u003cvpn_connection id=\"vpn-1f65767e\"\u003e\n  \u003ccustomer_gateway_id\u003ecgw-4d987324\u003c/customer_gateway_id\u003e\n  \u003cvpn_gateway_id\u003evgw-b28a61db\u003c/vpn_gateway_id\u003e\n  \u003cvpn_connection_type\u003eipsec.1\u003c/vpn_connection_type\u003e\n  \u003cipsec_tunnel\u003e\n    \u003ccustomer_gateway\u003e\n      \u003ctunnel_outside_address\u003e\n        \u003cip_address\u003e204.93.64.130\u003c/ip_address\u003e\n      \u003c/tunnel_outside_address\u003e\n      \u003ctunnel_inside_address\u003e\n        \u003cip_address\u003e169.254.46.118\u003c/ip_address\u003e\n        \u003cnetwork_mask\u003e255.255.255.252\u003c/network_mask\u003e\n        \u003cnetwork_cidr\u003e30\u003c/network_cidr\u003e\n      \u003c/tunnel_inside_address\u003e\n      \u003cbgp\u003e\n        \u003casn\u003e13364\u003c/asn\u003e\n        \u003chold_time\u003e30\u003c/hold_time\u003e\n      \u003c/bgp\u003e\n    \u003c/customer_gateway\u003e\n    \u003cvpn_gateway\u003e\n      \u003ctunnel_outside_address\u003e\n        \u003cip_address\u003e34.204.154.41\u003c/ip_address\u003e\n      \u003c/tunnel_outside_address\u003e\n      \u003ctunnel_inside_address\u003e\n        \u003cip_address\u003e169.254.46.117\u003c/ip_address\u003e\n        \u003cnetwork_mask\u003e255.255.255.252\u003c/network_mask\u003e\n        \u003cnetwork_cidr\u003e30\u003c/network_cidr\u003e\n      \u003c/tunnel_inside_address\u003e\n      \u003cbgp\u003e\n        \u003casn\u003e7224\u003c/asn\u003e\n        \u003chold_time\u003e30\u003c/hold_time\u003e\n      \u003c/bgp\u003e\n    \u003c/vpn_gateway\u003e\n    \u003cike\u003e\n      \u003cauthentication_protocol\u003esha1\u003c/authentication_protocol\u003e\n      \u003cencryption_protocol\u003eaes-128-cbc\u003c/encryption_protocol\u003e\n      \u003clifetime\u003e28800\u003c/lifetime\u003e\n      \u003cperfect_forward_secrecy\u003egroup2\u003c/perfect_forward_secrecy\u003e\n      \u003cmode\u003emain\u003c/mode\u003e\n      \u003cpre_shared_key\u003eHNLte4PiXEXMz1_t9rCYIFFPoF3Ffejj\u003c/pre_shared_key\u003e\n    \u003c/ike\u003e\n    \u003cipsec\u003e\n      \u003cprotocol\u003eesp\u003c/protocol\u003e\n      \u003cauthentication_protocol\u003ehmac-sha1-96\u003c/authentication_protocol\u003e\n      \u003cencryption_protocol\u003eaes-128-cbc\u003c/encryption_protocol\u003e\n      \u003clifetime\u003e3600\u003c/lifetime\u003e\n      \u003cperfect_forward_secrecy\u003egroup2\u003c/perfect_forward_secrecy\u003e\n      \u003cmode\u003etunnel\u003c/mode\u003e\n      \u003cclear_df_bit\u003etrue\u003c/clear_df_bit\u003e\n      \u003cfragmentation_before_encryption\u003etrue\u003c/fragmentation_before_encryption\u003e\n      \u003ctcp_mss_adjustment\u003e1379\u003c/tcp_mss_adjustment\u003e\n      \u003cdead_peer_detection\u003e\n        \u003cinterval\u003e10\u003c/interval\u003e\n        \u003cretries\u003e3\u003c/retries\u003e\n      \u003c/dead_peer_detection\u003e\n    \u003c/ipsec\u003e\n  \u003c/ipsec_tunnel\u003e\n  \u003cipsec_tunnel\u003e\n    \u003ccustomer_gateway\u003e\n      \u003ctunnel_outside_address\u003e\n        \u003cip_address\u003e204.93.64.130\u003c/ip_address\u003e\n      \u003c/tunnel_outside_address\u003e\n      \u003ctunnel_inside_address\u003e\n        \u003cip_address\u003e169.254.44.242\u003c/ip_address\u003e\n        \u003cnetwork_mask\u003e255.255.255.252\u003c/network_mask\u003e\n        \u003cnetwork_cidr\u003e30\u003c/network_cidr\u003e\n      \u003c/tunnel_inside_address\u003e\n      \u003cbgp\u003e\n        \u003casn\u003e13364\u003c/asn\u003e\n        \u003chold_time\u003e30\u003c/hold_time\u003e\n      \u003c/bgp\u003e\n    \u003c/customer_gateway\u003e\n    \u003cvpn_gateway\u003e\n      \u003ctunnel_outside_address\u003e\n        \u003cip_address\u003e34.229.31.109\u003c/ip_address\u003e\n      \u003c/tunnel_outside_address\u003e\n      \u003ctunnel_inside_address\u003e\n        \u003cip_address\u003e169.254.44.241\u003c/ip_address\u003e\n        \u003cnetwork_mask\u003e255.255.255.252\u003c/network_mask\u003e\n        \u003cnetwork_cidr\u003e30\u003c/network_cidr\u003e\n      \u003c/tunnel_inside_address\u003e\n      \u003cbgp\u003e\n        \u003casn\u003e7224\u003c/asn\u003e\n        \u003chold_time\u003e30\u003c/hold_time\u003e\n      \u003c/bgp\u003e\n    \u003c/vpn_gateway\u003e\n    \u003cike\u003e\n      \u003cauthentication_protocol\u003esha1\u003c/authentication_protocol\u003e\n      \u003cencryption_protocol\u003eaes-128-cbc\u003c/encryption_protocol\u003e\n      \u003clifetime\u003e28800\u003c/lifetime\u003e\n      \u003cperfect_forward_secrecy\u003egroup2\u003c/perfect_forward_secrecy\u003e\n      \u003cmode\u003emain\u003c/mode\u003e\n      \u003cpre_shared_key\u003ePLMXp.RzyOSJn9Jklj1CcR4adMY8HCiC\u003c/pre_shared_key\u003e\n    \u003c/ike\u003e\n    \u003cipsec\u003e\n      \u003cprotocol\u003eesp\u003c/protocol\u003e\n      \u003cauthentication_protocol\u003ehmac-sha1-96\u003c/authentication_protocol\u003e\n      \u003cencryption_protocol\u003eaes-128-cbc\u003c/encryption_protocol\u003e\n      \u003clifetime\u003e3600\u003c/lifetime\u003e\n      \u003cperfect_forward_secrecy\u003egroup2\u003c/perfect_forward_secrecy\u003e\n      \u003cmode\u003etunnel\u003c/mode\u003e\n      \u003cclear_df_bit\u003etrue\u003c/clear_df_bit\u003e\n      \u003cfragmentation_before_encryption\u003etrue\u003c/fragmentation_before_encryption\u003e\n      \u003ctcp_mss_adjustment\u003e1379\u003c/tcp_mss_adjustment\u003e\n      \u003cdead_peer_detection\u003e\n        \u003cinterval\u003e10\u003c/interval\u003e\n        \u003cretries\u003e3\u003c/retries\u003e\n      \u003c/dead_peer_detection\u003e\n    \u003c/ipsec\u003e\n  \u003c/ipsec_tunnel\u003e\n\u003c/vpn_connection\u003e",
                            "customer_gateway_id": "cgw-4d987324",
                            "id": "vpn-1f65767e",
                            "routes.#": "0",
                            "static_routes_only": "false",
                            "tags.%": "5",
                            "tags.Name": "test-jive-vpn",
                            "tags.account_name": "jive-data-pipeline",
                            "tags.pipeline_phase": "test",
                            "tags.region": "us-east-1",
                            "tags.sla": "non-prod",
                            "tunnel1_address": "34.204.154.41",
                            "tunnel1_preshared_key": "HNLte4PiXEXMz1_t9rCYIFFPoF3Ffejj",
                            "tunnel2_address": "34.229.31.109",
                            "tunnel2_preshared_key": "PLMXp.RzyOSJn9Jklj1CcR4adMY8HCiC",
                            "type": "ipsec.1",
                            "vgw_telemetry.#": "2",
                            "vgw_telemetry.1297703163.accepted_route_count": "0",
                            "vgw_telemetry.1297703163.last_status_change": "2017-08-01 23:02:29 +0000 UTC",
                            "vgw_telemetry.1297703163.outside_ip_address": "34.229.31.109",
                            "vgw_telemetry.1297703163.status": "DOWN",
                            "vgw_telemetry.1297703163.status_message": "IPSEC IS DOWN",
                            "vgw_telemetry.1494740624.accepted_route_count": "0",
                            "vgw_telemetry.1494740624.last_status_change": "2017-08-01 23:02:54 +0000 UTC",
                            "vgw_telemetry.1494740624.outside_ip_address": "34.204.154.41",
                            "vgw_telemetry.1494740624.status": "DOWN",
                            "vgw_telemetry.1494740624.status_message": "IPSEC IS DOWN",
                            "vpn_gateway_id": "vgw-b28a61db"
                        },
                        "meta": {},
                        "tainted": false
                    },
                    "deposed": [],
                    "provider": ""
                },
                "aws_vpn_gateway.vgw": {
                    "type": "aws_vpn_gateway",
                    "depends_on": [
                        "aws_vpc.main"
                    ],
                    "primary": {
                        "id": "vgw-b28a61db",
                        "attributes": {
                            "id": "vgw-b28a61db",
                            "tags.%": "7",
                            "tags.Name": "test-vgw",
                            "tags.account_name": "jive-data-pipeline",
                            "tags.jive_service": "infrastructure",
                            "tags.pipeline_phase": "test",
                            "tags.region": "us-east-1",
                            "tags.service_component": "vpn_gateway",
                            "tags.sla": "non-prod",
                            "vpc_id": "vpc-26f9665f"
                        },
                        "meta": {},
                        "tainted": false
                    },
                    "deposed": [],
                    "provider": ""
                },
                "data.aws_security_group.bastion": {
                    "type": "aws_security_group",
                    "depends_on": [],
                    "primary": {
                        "id": "sg-5baeea2a",
                        "attributes": {
                            "filter.#": "1",
                            "filter.1988431066.name": "tag:jive_service",
                            "filter.1988431066.values.#": "1",
                            "filter.1988431066.values.2480389212": "infrastructure",
                            "id": "sg-5baeea2a",
                            "name": "infra-pipeline-jive-phx-dc",
                            "tags.%": "6",
                            "tags.Name": "infra-pipeline-jive-phx-dc",
                            "tags.account_name": "jive-data-pipeline",
                            "tags.jive_service": "infrastructure",
                            "tags.pipeline_phase": "infra-pipeline",
                            "tags.region": "us-east-1",
                            "tags.sla": "non-prod",
                            "vpc_id": "vpc-9021bde9"
                        },
                        "meta": {},
                        "tainted": false
                    },
                    "deposed": [],
                    "provider": ""
                }
            },
            "depends_on": []
        }
    ]
}
