{
    "version": 3,
    "terraform_version": "0.9.4",
    "serial": 1,
    "lineage": "100ee892-58d9-416b-98af-1f8d4d64cb3e",
    "modules": [
        {
            "path": [
                "root"
            ],
            "outputs": {},
            "resources": {
                "aws_instance.test_node": {
                    "type": "aws_instance",
                    "depends_on": [],
                    "primary": {
                        "id": "i-0489125c1a79d2f62",
                        "attributes": {
                            "ami": "ami-6d1c2007",
                            "associate_public_ip_address": "false",
                            "availability_zone": "us-east-1a",
                            "disable_api_termination": "false",
                            "ebs_block_device.#": "0",
                            "ebs_optimized": "false",
                            "ephemeral_block_device.#": "0",
                            "iam_instance_profile": "",
                            "id": "i-0489125c1a79d2f62",
                            "instance_state": "running",
                            "instance_type": "t2.micro",
                            "ipv6_address_count": "0",
                            "ipv6_addresses.#": "0",
                            "key_name": "hosting-pipeline",
                            "monitoring": "false",
                            "network_interface.#": "0",
                            "network_interface_id": "eni-db6bd873",
                            "primary_network_interface_id": "eni-db6bd873",
                            "private_dns": "ip-10-122-32-215.ec2.internal",
                            "private_ip": "10.122.32.215",
                            "public_dns": "",
                            "public_ip": "",
                            "root_block_device.#": "1",
                            "root_block_device.0.delete_on_termination": "true",
                            "root_block_device.0.iops": "100",
                            "root_block_device.0.volume_size": "8",
                            "root_block_device.0.volume_type": "gp2",
                            "security_groups.#": "0",
                            "source_dest_check": "true",
                            "subnet_id": "subnet-61d44b3b",
                            "tags.%": "7",
                            "tags.Name": "pipeline-test-node",
                            "tags.account_name": "jive-hosting-pipeline",
                            "tags.jive_service": "infrastructure",
                            "tags.pipeline_phase": "pipeline",
                            "tags.region": "us-east-1",
                            "tags.service_component": "test-node",
                            "tags.sla": "non-prod",
                            "tenancy": "default",
                            "volume_tags.%": "0",
                            "vpc_security_group_ids.#": "1",
                            "vpc_security_group_ids.2424440962": "sg-0f86bb7e"
                        },
                        "meta": {
                            "schema_version": "1"
                        },
                        "tainted": false
                    },
                    "deposed": [],
                    "provider": ""
                }
            },
            "depends_on": []
        }
    ]
}
