{
    "version": 3,
    "terraform_version": "0.9.4",
    "serial": 25,
    "lineage": "95aaf5fd-1546-4891-89ee-4e99f1fe4493",
    "modules": [
        {
            "path": [
                "root"
            ],
            "outputs": {},
            "resources": {
                "aws_ebs_volume.upena_api_i1_v0": {
                    "type": "aws_ebs_volume",
                    "depends_on": [],
                    "primary": {
                        "id": "vol-0704d2a67b2082ea9",
                        "attributes": {
                            "availability_zone": "us-east-1a",
                            "encrypted": "true",
                            "id": "vol-0704d2a67b2082ea9",
                            "kms_key_id": "arn:aws:kms:us-east-1:642745549043:key/85a92b36-8ba7-4c01-8a98-0405d2db0fb4",
                            "size": "500",
                            "snapshot_id": "",
                            "tags.%": "7",
                            "tags.Account_name": "jive-reco-pipeline",
                            "tags.Jive_service": "upena",
                            "tags.Name": "us-east-1-jive-reco-pipeline-newpena-api-i1-v0",
                            "tags.Pipeline_phase": "test",
                            "tags.Region": "us-east-1",
                            "tags.SLA": "non-prod",
                            "tags.Service_component": "upena-api",
                            "type": "st1"
                        },
                        "meta": {},
                        "tainted": false
                    },
                    "deposed": [],
                    "provider": ""
                },
                "aws_ebs_volume.upena_api_i2_v0": {
                    "type": "aws_ebs_volume",
                    "depends_on": [],
                    "primary": {
                        "id": "vol-016c048607adda7a8",
                        "attributes": {
                            "availability_zone": "us-east-1b",
                            "encrypted": "true",
                            "id": "vol-016c048607adda7a8",
                            "kms_key_id": "arn:aws:kms:us-east-1:642745549043:key/85a92b36-8ba7-4c01-8a98-0405d2db0fb4",
                            "size": "500",
                            "snapshot_id": "",
                            "tags.%": "7",
                            "tags.Account_name": "jive-reco-pipeline",
                            "tags.Jive_service": "upena",
                            "tags.Name": "us-east-1-jive-reco-pipeline-newpena-api-i2-v0",
                            "tags.Pipeline_phase": "test",
                            "tags.Region": "us-east-1",
                            "tags.SLA": "non-prod",
                            "tags.Service_component": "upena-api",
                            "type": "st1"
                        },
                        "meta": {},
                        "tainted": false
                    },
                    "deposed": [],
                    "provider": ""
                },
                "aws_ebs_volume.upena_api_i3_v0": {
                    "type": "aws_ebs_volume",
                    "depends_on": [],
                    "primary": {
                        "id": "vol-0ca16281919884620",
                        "attributes": {
                            "availability_zone": "us-east-1c",
                            "encrypted": "true",
                            "id": "vol-0ca16281919884620",
                            "size": "500",
                            "snapshot_id": "",
                            "tags.%": "7",
                            "tags.Account_name": "jive-reco-pipeline",
                            "tags.Jive_service": "upena",
                            "tags.Name": "us-east-1-jive-reco-pipeline-newpena-api-i3-v0",
                            "tags.Pipeline_phase": "test",
                            "tags.Region": "us-east-1",
                            "tags.SLA": "non-prod",
                            "tags.Service_component": "upena-api",
                            "type": "st1"
                        },
                        "meta": {},
                        "tainted": false
                    },
                    "deposed": [],
                    "provider": ""
                },
                "aws_instance.upena_api_i1": {
                    "type": "aws_instance",
                    "depends_on": [
                        "aws_security_group.upena_api_sg"
                    ],
                    "primary": {
                        "id": "i-01bec2c499067f8f9",
                        "attributes": {
                            "ami": "ami-a4c7edb2",
                            "associate_public_ip_address": "false",
                            "availability_zone": "us-east-1a",
                            "disable_api_termination": "false",
                            "ebs_block_device.#": "1",
                            "ebs_block_device.2634515331.delete_on_termination": "false",
                            "ebs_block_device.2634515331.device_name": "/dev/sdd",
                            "ebs_block_device.2634515331.encrypted": "true",
                            "ebs_block_device.2634515331.iops": "0",
                            "ebs_block_device.2634515331.snapshot_id": "",
                            "ebs_block_device.2634515331.volume_size": "500",
                            "ebs_block_device.2634515331.volume_type": "st1",
                            "ebs_optimized": "true",
                            "ephemeral_block_device.#": "0",
                            "iam_instance_profile": "upena-profile",
                            "id": "i-01bec2c499067f8f9",
                            "instance_state": "running",
                            "instance_type": "r4.xlarge",
                            "ipv6_address_count": "0",
                            "ipv6_addresses.#": "0",
                            "key_name": "reco-pipeline",
                            "monitoring": "false",
                            "network_interface.#": "0",
                            "network_interface_id": "eni-27770989",
                            "primary_network_interface_id": "eni-27770989",
                            "private_dns": "ip-10-126-20-78.ec2.internal",
                            "private_ip": "10.126.20.78",
                            "public_dns": "",
                            "public_ip": "",
                            "root_block_device.#": "1",
                            "root_block_device.0.delete_on_termination": "true",
                            "root_block_device.0.iops": "0",
                            "root_block_device.0.volume_size": "8",
                            "root_block_device.0.volume_type": "standard",
                            "security_groups.#": "0",
                            "source_dest_check": "true",
                            "subnet_id": "subnet-a17aee8d",
                            "tags.%": "7",
                            "tags.Account_name": "jive-reco-pipeline",
                            "tags.Jive_service": "upena",
                            "tags.Name": "us-east-1-jive-reco-pipeline-newpena-api-i1",
                            "tags.Pipeline_phase": "test",
                            "tags.Region": "us-east-1",
                            "tags.SLA": "non-prod",
                            "tags.Service_component": "upena-api",
                            "tenancy": "default",
                            "user_data": "45408852e0b00c5ba08fca17e6f3d88d2df835ff",
                            "volume_tags.%": "0",
                            "vpc_security_group_ids.#": "2",
                            "vpc_security_group_ids.1226563774": "sg-cbfce3ba",
                            "vpc_security_group_ids.4093346197": "sg-87e39bf6"
                        },
                        "meta": {
                            "schema_version": "1"
                        },
                        "tainted": false
                    },
                    "deposed": [],
                    "provider": ""
                },
                "aws_instance.upena_api_i2": {
                    "type": "aws_instance",
                    "depends_on": [
                        "aws_security_group.upena_api_sg"
                    ],
                    "primary": {
                        "id": "i-015348e0240dc43d1",
                        "attributes": {
                            "ami": "ami-a4c7edb2",
                            "associate_public_ip_address": "false",
                            "availability_zone": "us-east-1b",
                            "disable_api_termination": "false",
                            "ebs_block_device.#": "1",
                            "ebs_block_device.2634515331.delete_on_termination": "false",
                            "ebs_block_device.2634515331.device_name": "/dev/sdd",
                            "ebs_block_device.2634515331.encrypted": "true",
                            "ebs_block_device.2634515331.iops": "0",
                            "ebs_block_device.2634515331.snapshot_id": "",
                            "ebs_block_device.2634515331.volume_size": "500",
                            "ebs_block_device.2634515331.volume_type": "st1",
                            "ebs_optimized": "true",
                            "ephemeral_block_device.#": "0",
                            "iam_instance_profile": "upena-profile",
                            "id": "i-015348e0240dc43d1",
                            "instance_state": "running",
                            "instance_type": "r4.xlarge",
                            "ipv6_address_count": "0",
                            "ipv6_addresses.#": "0",
                            "key_name": "reco-pipeline",
                            "monitoring": "false",
                            "network_interface.#": "0",
                            "network_interface_id": "eni-cfac4c1a",
                            "primary_network_interface_id": "eni-cfac4c1a",
                            "private_dns": "ip-10-126-20-140.ec2.internal",
                            "private_ip": "10.126.20.140",
                            "public_dns": "",
                            "public_ip": "",
                            "root_block_device.#": "1",
                            "root_block_device.0.delete_on_termination": "true",
                            "root_block_device.0.iops": "0",
                            "root_block_device.0.volume_size": "8",
                            "root_block_device.0.volume_type": "standard",
                            "security_groups.#": "0",
                            "source_dest_check": "true",
                            "subnet_id": "subnet-b4450afc",
                            "tags.%": "7",
                            "tags.Account_name": "jive-reco-pipeline",
                            "tags.Jive_service": "upena",
                            "tags.Name": "us-east-1-jive-reco-pipeline-newpena-api-i2",
                            "tags.Pipeline_phase": "test",
                            "tags.Region": "us-east-1",
                            "tags.SLA": "non-prod",
                            "tags.Service_component": "upena-api",
                            "tenancy": "default",
                            "user_data": "45408852e0b00c5ba08fca17e6f3d88d2df835ff",
                            "volume_tags.%": "0",
                            "vpc_security_group_ids.#": "2",
                            "vpc_security_group_ids.1226563774": "sg-cbfce3ba",
                            "vpc_security_group_ids.4093346197": "sg-87e39bf6"
                        },
                        "meta": {
                            "schema_version": "1"
                        },
                        "tainted": false
                    },
                    "deposed": [],
                    "provider": ""
                },
                "aws_instance.upena_api_i3": {
                    "type": "aws_instance",
                    "depends_on": [
                        "aws_security_group.upena_api_sg"
                    ],
                    "primary": {
                        "id": "i-024b7a83d22e26355",
                        "attributes": {
                            "ami": "ami-a4c7edb2",
                            "associate_public_ip_address": "false",
                            "availability_zone": "us-east-1c",
                            "disable_api_termination": "false",
                            "ebs_block_device.#": "0",
                            "ebs_optimized": "true",
                            "ephemeral_block_device.#": "0",
                            "iam_instance_profile": "upena-profile",
                            "id": "i-024b7a83d22e26355",
                            "instance_state": "running",
                            "instance_type": "r4.xlarge",
                            "ipv6_address_count": "0",
                            "ipv6_addresses.#": "0",
                            "key_name": "reco-pipeline",
                            "monitoring": "false",
                            "network_interface.#": "0",
                            "network_interface_id": "eni-e3fd1448",
                            "primary_network_interface_id": "eni-e3fd1448",
                            "private_dns": "ip-10-126-21-111.ec2.internal",
                            "private_ip": "10.126.21.111",
                            "public_dns": "",
                            "public_ip": "",
                            "root_block_device.#": "1",
                            "root_block_device.0.delete_on_termination": "true",
                            "root_block_device.0.iops": "0",
                            "root_block_device.0.volume_size": "8",
                            "root_block_device.0.volume_type": "standard",
                            "security_groups.#": "0",
                            "source_dest_check": "true",
                            "subnet_id": "subnet-14139f4e",
                            "tags.%": "7",
                            "tags.Account_name": "jive-reco-pipeline",
                            "tags.Jive_service": "upena",
                            "tags.Name": "us-east-1-jive-reco-pipeline-newpena-api-i3",
                            "tags.Pipeline_phase": "test",
                            "tags.Region": "us-east-1",
                            "tags.SLA": "non-prod",
                            "tags.Service_component": "upena-api",
                            "tenancy": "default",
                            "user_data": "45408852e0b00c5ba08fca17e6f3d88d2df835ff",
                            "volume_tags.%": "0",
                            "vpc_security_group_ids.#": "2",
                            "vpc_security_group_ids.1226563774": "sg-cbfce3ba",
                            "vpc_security_group_ids.4093346197": "sg-87e39bf6"
                        },
                        "meta": {
                            "schema_version": "1"
                        },
                        "tainted": false
                    },
                    "deposed": [],
                    "provider": ""
                },
                "aws_route53_record.newpena_api_ri1": {
                    "type": "aws_route53_record",
                    "depends_on": [
                        "aws_instance.upena_api_i1"
                    ],
                    "primary": {
                        "id": "Z17UOFXP4LI2IE_us-east-1-jive-reco-pipeline-newpena-api-i1_A",
                        "attributes": {
                            "fqdn": "us-east-1-jive-reco-pipeline-newpena-api-i1.jiveprivate.com",
                            "health_check_id": "",
                            "id": "Z17UOFXP4LI2IE_us-east-1-jive-reco-pipeline-newpena-api-i1_A",
                            "name": "us-east-1-jive-reco-pipeline-newpena-api-i1",
                            "records.#": "1",
                            "records.604819651": "10.126.20.78",
                            "set_identifier": "",
                            "ttl": "60",
                            "type": "A",
                            "zone_id": "Z17UOFXP4LI2IE"
                        },
                        "meta": {
                            "schema_version": "2"
                        },
                        "tainted": false
                    },
                    "deposed": [],
                    "provider": ""
                },
                "aws_route53_record.newpena_api_ri2": {
                    "type": "aws_route53_record",
                    "depends_on": [
                        "aws_instance.upena_api_i2"
                    ],
                    "primary": {
                        "id": "Z17UOFXP4LI2IE_us-east-1-jive-reco-pipeline-newpena-api-i2_A",
                        "attributes": {
                            "fqdn": "us-east-1-jive-reco-pipeline-newpena-api-i2.jiveprivate.com",
                            "health_check_id": "",
                            "id": "Z17UOFXP4LI2IE_us-east-1-jive-reco-pipeline-newpena-api-i2_A",
                            "name": "us-east-1-jive-reco-pipeline-newpena-api-i2",
                            "records.#": "1",
                            "records.1588228933": "10.126.20.140",
                            "set_identifier": "",
                            "ttl": "60",
                            "type": "A",
                            "zone_id": "Z17UOFXP4LI2IE"
                        },
                        "meta": {
                            "schema_version": "2"
                        },
                        "tainted": false
                    },
                    "deposed": [],
                    "provider": ""
                },
                "aws_route53_record.newpena_api_ri3": {
                    "type": "aws_route53_record",
                    "depends_on": [
                        "aws_instance.upena_api_i3"
                    ],
                    "primary": {
                        "id": "Z17UOFXP4LI2IE_us-east-1-jive-reco-pipeline-newpena-api-i3_A",
                        "attributes": {
                            "fqdn": "us-east-1-jive-reco-pipeline-newpena-api-i3.jiveprivate.com",
                            "health_check_id": "",
                            "id": "Z17UOFXP4LI2IE_us-east-1-jive-reco-pipeline-newpena-api-i3_A",
                            "name": "us-east-1-jive-reco-pipeline-newpena-api-i3",
                            "records.#": "1",
                            "records.1773837862": "10.126.21.111",
                            "set_identifier": "",
                            "ttl": "60",
                            "type": "A",
                            "zone_id": "Z17UOFXP4LI2IE"
                        },
                        "meta": {
                            "schema_version": "2"
                        },
                        "tainted": false
                    },
                    "deposed": [],
                    "provider": ""
                },
                "aws_security_group.upena_api_sg": {
                    "type": "aws_security_group",
                    "depends_on": [],
                    "primary": {
                        "id": "sg-cbfce3ba",
                        "attributes": {
                            "description": "Allows necessary communication between upena-api instances",
                            "egress.#": "0",
                            "id": "sg-cbfce3ba",
                            "ingress.#": "2",
                            "ingress.1251094559.cidr_blocks.#": "1",
                            "ingress.1251094559.cidr_blocks.0": "0.0.0.0/0",
                            "ingress.1251094559.from_port": "1175",
                            "ingress.1251094559.ipv6_cidr_blocks.#": "0",
                            "ingress.1251094559.protocol": "tcp",
                            "ingress.1251094559.security_groups.#": "0",
                            "ingress.1251094559.self": "false",
                            "ingress.1251094559.to_port": "1175",
                            "ingress.3258786324.cidr_blocks.#": "1",
                            "ingress.3258786324.cidr_blocks.0": "0.0.0.0/0",
                            "ingress.3258786324.from_port": "10000",
                            "ingress.3258786324.ipv6_cidr_blocks.#": "0",
                            "ingress.3258786324.protocol": "tcp",
                            "ingress.3258786324.security_groups.#": "0",
                            "ingress.3258786324.self": "false",
                            "ingress.3258786324.to_port": "11000",
                            "name": "test-upena-api",
                            "owner_id": "642745549043",
                            "tags.%": "7",
                            "tags.Account_name": "jive-reco-pipeline",
                            "tags.Jive_service": "upena",
                            "tags.Name": "test-upena-api",
                            "tags.Pipeline_phase": "test",
                            "tags.Region": "us-east-1",
                            "tags.SLA": "non-prod",
                            "tags.Service_component": "upena-api",
                            "vpc_id": "vpc-fe43de87"
                        },
                        "meta": {},
                        "tainted": false
                    },
                    "deposed": [],
                    "provider": ""
                },
                "aws_volume_attachment.upena_api_i1_av0": {
                    "type": "aws_volume_attachment",
                    "depends_on": [
                        "aws_ebs_volume.upena_api_i1_v0",
                        "aws_instance.upena_api_i1"
                    ],
                    "primary": {
                        "id": "vai-3118671012",
                        "attributes": {
                            "device_name": "/dev/sdd",
                            "force_detach": "true",
                            "id": "vai-3118671012",
                            "instance_id": "i-01bec2c499067f8f9",
                            "volume_id": "vol-0704d2a67b2082ea9"
                        },
                        "meta": {},
                        "tainted": false
                    },
                    "deposed": [],
                    "provider": ""
                },
                "aws_volume_attachment.upena_api_i2_av0": {
                    "type": "aws_volume_attachment",
                    "depends_on": [
                        "aws_ebs_volume.upena_api_i2_v0",
                        "aws_instance.upena_api_i2"
                    ],
                    "primary": {
                        "id": "vai-3129380832",
                        "attributes": {
                            "device_name": "/dev/sdd",
                            "force_detach": "true",
                            "id": "vai-3129380832",
                            "instance_id": "i-015348e0240dc43d1",
                            "volume_id": "vol-016c048607adda7a8"
                        },
                        "meta": {},
                        "tainted": false
                    },
                    "deposed": [],
                    "provider": ""
                },
                "aws_volume_attachment.upena_api_i3_av0": {
                    "type": "aws_volume_attachment",
                    "depends_on": [
                        "aws_ebs_volume.upena_api_i3_v0",
                        "aws_instance.upena_api_i3"
                    ],
                    "primary": {
                        "id": "vai-601858016",
                        "attributes": {
                            "device_name": "/dev/sdd",
                            "force_detach": "true",
                            "id": "vai-601858016",
                            "instance_id": "i-024b7a83d22e26355",
                            "volume_id": "vol-0ca16281919884620"
                        },
                        "meta": {},
                        "tainted": false
                    },
                    "deposed": [],
                    "provider": ""
                }
            },
            "depends_on": []
        }
    ]
}
