{
    "version": 3,
    "terraform_version": "0.9.4",
    "serial": 10,
    "lineage": "f52ffdeb-2850-42d8-8584-578ee46adb8f",
    "modules": [
        {
            "path": [
                "root"
            ],
            "outputs": {},
            "resources": {
                "aws_autoscaling_group.k8s_etcd_asg.0": {
                    "type": "aws_autoscaling_group",
                    "depends_on": [
                        "aws_eip.k8s_etcd_eip.*",
                        "aws_launch_configuration.k8s_etcd",
                        "data.aws_subnet.natdc.*",
                        "null_resource.k8s_cluster"
                    ],
                    "primary": {
                        "id": "poc-k8s-etcd-asg1",
                        "attributes": {
                            "arn": "arn:aws:autoscaling:us-east-1:432181555651:autoScalingGroup:88253a2d-648a-4580-98a0-1944d2ee9385:autoScalingGroupName/poc-k8s-etcd-asg1",
                            "availability_zones.#": "1",
                            "availability_zones.3569565595": "us-east-1a",
                            "default_cooldown": "300",
                            "desired_capacity": "1",
                            "force_delete": "false",
                            "health_check_grace_period": "300",
                            "health_check_type": "EC2",
                            "id": "poc-k8s-etcd-asg1",
                            "launch_configuration": "terraform-00197f5724c5515b3dc038f1a5",
                            "load_balancers.#": "0",
                            "max_size": "1",
                            "metrics_granularity": "1Minute",
                            "min_size": "1",
                            "name": "poc-k8s-etcd-asg1",
                            "placement_group": "",
                            "protect_from_scale_in": "false",
                            "suspended_processes.#": "0",
                            "tag.#": "10",
                            "tag.1498773574.key": "KubernetesCluster",
                            "tag.1498773574.propagate_at_launch": "true",
                            "tag.1498773574.value": "us-east-1_jivek8-aws",
                            "tag.1840016171.key": "Hostname",
                            "tag.1840016171.propagate_at_launch": "true",
                            "tag.1840016171.value": "us-east-1_jivek8-aws-etcd1",
                            "tag.2101978839.key": "K8s_cluster",
                            "tag.2101978839.propagate_at_launch": "true",
                            "tag.2101978839.value": "us-east-1_jivek8-aws",
                            "tag.2367306937.key": "Pipeline_phase",
                            "tag.2367306937.propagate_at_launch": "true",
                            "tag.2367306937.value": "poc",
                            "tag.2651257388.key": "Region",
                            "tag.2651257388.propagate_at_launch": "true",
                            "tag.2651257388.value": "us-east-1",
                            "tag.3041064136.key": "Jive_service",
                            "tag.3041064136.propagate_at_launch": "true",
                            "tag.3041064136.value": "us-east-1_jivek8-aws",
                            "tag.3187119633.key": "Service_component",
                            "tag.3187119633.propagate_at_launch": "true",
                            "tag.3187119633.value": "etcd",
                            "tag.3213768249.key": "Name",
                            "tag.3213768249.propagate_at_launch": "true",
                            "tag.3213768249.value": "poc-k8s-etcd-instance",
                            "tag.3767096825.key": "SLA",
                            "tag.3767096825.propagate_at_launch": "true",
                            "tag.3767096825.value": "non-prod",
                            "tag.536217172.key": "Etcd_ip",
                            "tag.536217172.propagate_at_launch": "true",
                            "tag.536217172.value": "10.237.1.5",
                            "target_group_arns.#": "0",
                            "termination_policies.#": "0",
                            "vpc_zone_identifier.#": "1",
                            "vpc_zone_identifier.3313307266": "subnet-897fb5d3",
                            "wait_for_capacity_timeout": "10m"
                        },
                        "meta": {},
                        "tainted": false
                    },
                    "deposed": [],
                    "provider": ""
                },
                "aws_autoscaling_group.k8s_etcd_asg.1": {
                    "type": "aws_autoscaling_group",
                    "depends_on": [
                        "aws_eip.k8s_etcd_eip.*",
                        "aws_launch_configuration.k8s_etcd",
                        "data.aws_subnet.natdc.*",
                        "null_resource.k8s_cluster"
                    ],
                    "primary": {
                        "id": "poc-k8s-etcd-asg2",
                        "attributes": {
                            "arn": "arn:aws:autoscaling:us-east-1:432181555651:autoScalingGroup:ca911d67-6542-4207-9e53-fb358654e933:autoScalingGroupName/poc-k8s-etcd-asg2",
                            "availability_zones.#": "1",
                            "availability_zones.1305112097": "us-east-1b",
                            "default_cooldown": "300",
                            "desired_capacity": "1",
                            "force_delete": "false",
                            "health_check_grace_period": "300",
                            "health_check_type": "EC2",
                            "id": "poc-k8s-etcd-asg2",
                            "launch_configuration": "terraform-00197f5724c5515b3dc038f1a5",
                            "load_balancers.#": "0",
                            "max_size": "1",
                            "metrics_granularity": "1Minute",
                            "min_size": "1",
                            "name": "poc-k8s-etcd-asg2",
                            "placement_group": "",
                            "protect_from_scale_in": "false",
                            "suspended_processes.#": "0",
                            "tag.#": "10",
                            "tag.1498773574.key": "KubernetesCluster",
                            "tag.1498773574.propagate_at_launch": "true",
                            "tag.1498773574.value": "us-east-1_jivek8-aws",
                            "tag.1547989430.key": "Hostname",
                            "tag.1547989430.propagate_at_launch": "true",
                            "tag.1547989430.value": "us-east-1_jivek8-aws-etcd2",
                            "tag.2101978839.key": "K8s_cluster",
                            "tag.2101978839.propagate_at_launch": "true",
                            "tag.2101978839.value": "us-east-1_jivek8-aws",
                            "tag.2367306937.key": "Pipeline_phase",
                            "tag.2367306937.propagate_at_launch": "true",
                            "tag.2367306937.value": "poc",
                            "tag.2651257388.key": "Region",
                            "tag.2651257388.propagate_at_launch": "true",
                            "tag.2651257388.value": "us-east-1",
                            "tag.3041064136.key": "Jive_service",
                            "tag.3041064136.propagate_at_launch": "true",
                            "tag.3041064136.value": "us-east-1_jivek8-aws",
                            "tag.3187119633.key": "Service_component",
                            "tag.3187119633.propagate_at_launch": "true",
                            "tag.3187119633.value": "etcd",
                            "tag.3213768249.key": "Name",
                            "tag.3213768249.propagate_at_launch": "true",
                            "tag.3213768249.value": "poc-k8s-etcd-instance",
                            "tag.3705087723.key": "Etcd_ip",
                            "tag.3705087723.propagate_at_launch": "true",
                            "tag.3705087723.value": "10.237.2.79",
                            "tag.3767096825.key": "SLA",
                            "tag.3767096825.propagate_at_launch": "true",
                            "tag.3767096825.value": "non-prod",
                            "target_group_arns.#": "0",
                            "termination_policies.#": "0",
                            "vpc_zone_identifier.#": "1",
                            "vpc_zone_identifier.2929905445": "subnet-f9e4db9c",
                            "wait_for_capacity_timeout": "10m"
                        },
                        "meta": {},
                        "tainted": false
                    },
                    "deposed": [],
                    "provider": ""
                },
                "aws_autoscaling_group.k8s_etcd_asg.2": {
                    "type": "aws_autoscaling_group",
                    "depends_on": [
                        "aws_eip.k8s_etcd_eip.*",
                        "aws_launch_configuration.k8s_etcd",
                        "data.aws_subnet.natdc.*",
                        "null_resource.k8s_cluster"
                    ],
                    "primary": {
                        "id": "poc-k8s-etcd-asg3",
                        "attributes": {
                            "arn": "arn:aws:autoscaling:us-east-1:432181555651:autoScalingGroup:b4ac3eec-e46c-4247-9dee-76c13f8ecd88:autoScalingGroupName/poc-k8s-etcd-asg3",
                            "availability_zones.#": "1",
                            "availability_zones.986537655": "us-east-1c",
                            "default_cooldown": "300",
                            "desired_capacity": "1",
                            "force_delete": "false",
                            "health_check_grace_period": "300",
                            "health_check_type": "EC2",
                            "id": "poc-k8s-etcd-asg3",
                            "launch_configuration": "terraform-00197f5724c5515b3dc038f1a5",
                            "load_balancers.#": "0",
                            "max_size": "1",
                            "metrics_granularity": "1Minute",
                            "min_size": "1",
                            "name": "poc-k8s-etcd-asg3",
                            "placement_group": "",
                            "protect_from_scale_in": "false",
                            "suspended_processes.#": "0",
                            "tag.#": "10",
                            "tag.1498773574.key": "KubernetesCluster",
                            "tag.1498773574.propagate_at_launch": "true",
                            "tag.1498773574.value": "us-east-1_jivek8-aws",
                            "tag.1895770459.key": "Etcd_ip",
                            "tag.1895770459.propagate_at_launch": "true",
                            "tag.1895770459.value": "10.237.3.35",
                            "tag.2101978839.key": "K8s_cluster",
                            "tag.2101978839.propagate_at_launch": "true",
                            "tag.2101978839.value": "us-east-1_jivek8-aws",
                            "tag.2367306937.key": "Pipeline_phase",
                            "tag.2367306937.propagate_at_launch": "true",
                            "tag.2367306937.value": "poc",
                            "tag.2651257388.key": "Region",
                            "tag.2651257388.propagate_at_launch": "true",
                            "tag.2651257388.value": "us-east-1",
                            "tag.3041064136.key": "Jive_service",
                            "tag.3041064136.propagate_at_launch": "true",
                            "tag.3041064136.value": "us-east-1_jivek8-aws",
                            "tag.3187119633.key": "Service_component",
                            "tag.3187119633.propagate_at_launch": "true",
                            "tag.3187119633.value": "etcd",
                            "tag.3213768249.key": "Name",
                            "tag.3213768249.propagate_at_launch": "true",
                            "tag.3213768249.value": "poc-k8s-etcd-instance",
                            "tag.3767096825.key": "SLA",
                            "tag.3767096825.propagate_at_launch": "true",
                            "tag.3767096825.value": "non-prod",
                            "tag.4197677570.key": "Hostname",
                            "tag.4197677570.propagate_at_launch": "true",
                            "tag.4197677570.value": "us-east-1_jivek8-aws-etcd3",
                            "target_group_arns.#": "0",
                            "termination_policies.#": "0",
                            "vpc_zone_identifier.#": "1",
                            "vpc_zone_identifier.725729595": "subnet-a4e53988",
                            "wait_for_capacity_timeout": "10m"
                        },
                        "meta": {},
                        "tainted": false
                    },
                    "deposed": [],
                    "provider": ""
                },
                "aws_autoscaling_group.k8s_etcd_asg.3": {
                    "type": "aws_autoscaling_group",
                    "depends_on": [
                        "aws_eip.k8s_etcd_eip.*",
                        "aws_launch_configuration.k8s_etcd",
                        "data.aws_subnet.natdc.*",
                        "null_resource.k8s_cluster"
                    ],
                    "primary": {
                        "id": "poc-k8s-etcd-asg4",
                        "attributes": {
                            "arn": "arn:aws:autoscaling:us-east-1:432181555651:autoScalingGroup:08f9ef31-22d3-48ee-964d-6ee229596d29:autoScalingGroupName/poc-k8s-etcd-asg4",
                            "availability_zones.#": "1",
                            "availability_zones.2762590996": "us-east-1d",
                            "default_cooldown": "300",
                            "desired_capacity": "1",
                            "force_delete": "false",
                            "health_check_grace_period": "300",
                            "health_check_type": "EC2",
                            "id": "poc-k8s-etcd-asg4",
                            "launch_configuration": "terraform-00197f5724c5515b3dc038f1a5",
                            "load_balancers.#": "0",
                            "max_size": "1",
                            "metrics_granularity": "1Minute",
                            "min_size": "1",
                            "name": "poc-k8s-etcd-asg4",
                            "placement_group": "",
                            "protect_from_scale_in": "false",
                            "suspended_processes.#": "0",
                            "tag.#": "10",
                            "tag.1066681484.key": "Hostname",
                            "tag.1066681484.propagate_at_launch": "true",
                            "tag.1066681484.value": "us-east-1_jivek8-aws-etcd4",
                            "tag.1498773574.key": "KubernetesCluster",
                            "tag.1498773574.propagate_at_launch": "true",
                            "tag.1498773574.value": "us-east-1_jivek8-aws",
                            "tag.2011663686.key": "Etcd_ip",
                            "tag.2011663686.propagate_at_launch": "true",
                            "tag.2011663686.value": "10.237.4.228",
                            "tag.2101978839.key": "K8s_cluster",
                            "tag.2101978839.propagate_at_launch": "true",
                            "tag.2101978839.value": "us-east-1_jivek8-aws",
                            "tag.2367306937.key": "Pipeline_phase",
                            "tag.2367306937.propagate_at_launch": "true",
                            "tag.2367306937.value": "poc",
                            "tag.2651257388.key": "Region",
                            "tag.2651257388.propagate_at_launch": "true",
                            "tag.2651257388.value": "us-east-1",
                            "tag.3041064136.key": "Jive_service",
                            "tag.3041064136.propagate_at_launch": "true",
                            "tag.3041064136.value": "us-east-1_jivek8-aws",
                            "tag.3187119633.key": "Service_component",
                            "tag.3187119633.propagate_at_launch": "true",
                            "tag.3187119633.value": "etcd",
                            "tag.3213768249.key": "Name",
                            "tag.3213768249.propagate_at_launch": "true",
                            "tag.3213768249.value": "poc-k8s-etcd-instance",
                            "tag.3767096825.key": "SLA",
                            "tag.3767096825.propagate_at_launch": "true",
                            "tag.3767096825.value": "non-prod",
                            "target_group_arns.#": "0",
                            "termination_policies.#": "0",
                            "vpc_zone_identifier.#": "1",
                            "vpc_zone_identifier.713148556": "subnet-2b68e063",
                            "wait_for_capacity_timeout": "10m"
                        },
                        "meta": {},
                        "tainted": false
                    },
                    "deposed": [],
                    "provider": ""
                },
                "aws_autoscaling_group.k8s_etcd_asg.4": {
                    "type": "aws_autoscaling_group",
                    "depends_on": [
                        "aws_eip.k8s_etcd_eip.*",
                        "aws_launch_configuration.k8s_etcd",
                        "data.aws_subnet_ids.natdc_subnet_ids",
                        "null_resource.k8s_cluster"
                    ],
                    "primary": {
                        "id": "poc-k8s-etcd-asg5",
                        "attributes": {
                            "arn": "arn:aws:autoscaling:us-east-1:432181555651:autoScalingGroup:f5fa96f6-2fd0-457d-ba15-563d02e0d90c:autoScalingGroupName/poc-k8s-etcd-asg5",
                            "availability_zones.#": "1",
                            "availability_zones.3551460226": "us-east-1e",
                            "default_cooldown": "300",
                            "desired_capacity": "1",
                            "force_delete": "false",
                            "health_check_grace_period": "300",
                            "health_check_type": "EC2",
                            "id": "poc-k8s-etcd-asg5",
                            "launch_configuration": "terraform-00197f5724c5515b3dc038f1a5",
                            "load_balancers.#": "0",
                            "max_size": "1",
                            "metrics_granularity": "1Minute",
                            "min_size": "1",
                            "name": "poc-k8s-etcd-asg5",
                            "placement_group": "",
                            "protect_from_scale_in": "false",
                            "suspended_processes.#": "0",
                            "tag.#": "10",
                            "tag.1498773574.key": "KubernetesCluster",
                            "tag.1498773574.propagate_at_launch": "true",
                            "tag.1498773574.value": "us-east-1_jivek8-aws",
                            "tag.2101978839.key": "K8s_cluster",
                            "tag.2101978839.propagate_at_launch": "true",
                            "tag.2101978839.value": "us-east-1_jivek8-aws",
                            "tag.2367306937.key": "Pipeline_phase",
                            "tag.2367306937.propagate_at_launch": "true",
                            "tag.2367306937.value": "poc",
                            "tag.2581811000.key": "Hostname",
                            "tag.2581811000.propagate_at_launch": "true",
                            "tag.2581811000.value": "us-east-1_jivek8-aws-etcd5",
                            "tag.2651257388.key": "Region",
                            "tag.2651257388.propagate_at_launch": "true",
                            "tag.2651257388.value": "us-east-1",
                            "tag.3041064136.key": "Jive_service",
                            "tag.3041064136.propagate_at_launch": "true",
                            "tag.3041064136.value": "us-east-1_jivek8-aws",
                            "tag.3187119633.key": "Service_component",
                            "tag.3187119633.propagate_at_launch": "true",
                            "tag.3187119633.value": "etcd",
                            "tag.3213768249.key": "Name",
                            "tag.3213768249.propagate_at_launch": "true",
                            "tag.3213768249.value": "poc-k8s-etcd-instance",
                            "tag.3767096825.key": "SLA",
                            "tag.3767096825.propagate_at_launch": "true",
                            "tag.3767096825.value": "non-prod",
                            "tag.651446443.key": "Etcd_ip",
                            "tag.651446443.propagate_at_launch": "true",
                            "tag.651446443.value": "10.237.5.27",
                            "target_group_arns.#": "0",
                            "termination_policies.#": "0",
                            "vpc_zone_identifier.#": "1",
                            "vpc_zone_identifier.3874639391": "subnet-b5caef89",
                            "wait_for_capacity_timeout": "10m"
                        },
                        "meta": {},
                        "tainted": false
                    },
                    "deposed": [],
                    "provider": ""
                },
                "aws_autoscaling_group.k8s_master": {
                    "type": "aws_autoscaling_group",
                    "depends_on": [
                        "aws_elb.k8s_master",
                        "aws_launch_configuration.k8s_master",
                        "null_resource.k8s_cluster"
                    ],
                    "primary": {
                        "id": "poc-k8s-master-asg1",
                        "attributes": {
                            "arn": "arn:aws:autoscaling:us-east-1:432181555651:autoScalingGroup:be0ac192-4137-454e-a091-612e57ad3587:autoScalingGroupName/poc-k8s-master-asg1",
                            "availability_zones.#": "1",
                            "availability_zones.3569565595": "us-east-1a",
                            "default_cooldown": "300",
                            "desired_capacity": "1",
                            "force_delete": "false",
                            "health_check_grace_period": "300",
                            "health_check_type": "EC2",
                            "id": "poc-k8s-master-asg1",
                            "launch_configuration": "terraform-00fc74fe2a8ddac4ca470155fd",
                            "load_balancers.#": "1",
                            "load_balancers.125263542": "poc-k8s-master-elb",
                            "max_size": "1",
                            "metrics_granularity": "1Minute",
                            "min_size": "1",
                            "name": "poc-k8s-master-asg1",
                            "placement_group": "",
                            "protect_from_scale_in": "false",
                            "suspended_processes.#": "0",
                            "tag.#": "9",
                            "tag.1352732168.key": "Name",
                            "tag.1352732168.propagate_at_launch": "true",
                            "tag.1352732168.value": "poc-k8s-master-instance",
                            "tag.1498773574.key": "KubernetesCluster",
                            "tag.1498773574.propagate_at_launch": "true",
                            "tag.1498773574.value": "us-east-1_jivek8-aws",
                            "tag.2101978839.key": "K8s_cluster",
                            "tag.2101978839.propagate_at_launch": "true",
                            "tag.2101978839.value": "us-east-1_jivek8-aws",
                            "tag.2367306937.key": "Pipeline_phase",
                            "tag.2367306937.propagate_at_launch": "true",
                            "tag.2367306937.value": "poc",
                            "tag.2651257388.key": "Region",
                            "tag.2651257388.propagate_at_launch": "true",
                            "tag.2651257388.value": "us-east-1",
                            "tag.3041064136.key": "Jive_service",
                            "tag.3041064136.propagate_at_launch": "true",
                            "tag.3041064136.value": "us-east-1_jivek8-aws",
                            "tag.3116370667.key": "Service_component",
                            "tag.3116370667.propagate_at_launch": "true",
                            "tag.3116370667.value": "k8s-master",
                            "tag.3767096825.key": "SLA",
                            "tag.3767096825.propagate_at_launch": "true",
                            "tag.3767096825.value": "non-prod",
                            "tag.758046125.key": "Hostname",
                            "tag.758046125.propagate_at_launch": "true",
                            "tag.758046125.value": "us-east-1_jivek8-aws-master1",
                            "target_group_arns.#": "0",
                            "termination_policies.#": "0",
                            "vpc_zone_identifier.#": "1",
                            "vpc_zone_identifier.3313307266": "subnet-897fb5d3",
                            "wait_for_capacity_timeout": "10m"
                        },
                        "meta": {},
                        "tainted": false
                    },
                    "deposed": [],
                    "provider": ""
                },
                "aws_autoscaling_group.k8s_worker_asg.0": {
                    "type": "aws_autoscaling_group",
                    "depends_on": [
                        "aws_launch_configuration.k8s_worker",
                        "data.aws_subnet_ids.natdc_subnet_ids",
                        "null_resource.k8s_cluster"
                    ],
                    "primary": {
                        "id": "poc-k8s-worker-asg1",
                        "attributes": {
                            "arn": "arn:aws:autoscaling:us-east-1:432181555651:autoScalingGroup:dc1b3fe4-4146-4bb2-a1d9-2e43003932c4:autoScalingGroupName/poc-k8s-worker-asg1",
                            "availability_zones.#": "1",
                            "availability_zones.2762590996": "us-east-1d",
                            "default_cooldown": "300",
                            "desired_capacity": "1",
                            "force_delete": "false",
                            "health_check_grace_period": "300",
                            "health_check_type": "EC2",
                            "id": "poc-k8s-worker-asg1",
                            "launch_configuration": "terraform-00d028ac5443105fdd7f7ce522",
                            "load_balancers.#": "0",
                            "max_size": "5",
                            "metrics_granularity": "1Minute",
                            "min_size": "1",
                            "name": "poc-k8s-worker-asg1",
                            "placement_group": "",
                            "protect_from_scale_in": "false",
                            "suspended_processes.#": "0",
                            "tag.#": "9",
                            "tag.1498773574.key": "KubernetesCluster",
                            "tag.1498773574.propagate_at_launch": "true",
                            "tag.1498773574.value": "us-east-1_jivek8-aws",
                            "tag.2101978839.key": "K8s_cluster",
                            "tag.2101978839.propagate_at_launch": "true",
                            "tag.2101978839.value": "us-east-1_jivek8-aws",
                            "tag.2157698622.key": "Hostname",
                            "tag.2157698622.propagate_at_launch": "true",
                            "tag.2157698622.value": "k8s-node1",
                            "tag.228639812.key": "Service_component",
                            "tag.228639812.propagate_at_launch": "true",
                            "tag.228639812.value": "k8s-node",
                            "tag.2367306937.key": "Pipeline_phase",
                            "tag.2367306937.propagate_at_launch": "true",
                            "tag.2367306937.value": "poc",
                            "tag.2651257388.key": "Region",
                            "tag.2651257388.propagate_at_launch": "true",
                            "tag.2651257388.value": "us-east-1",
                            "tag.3041064136.key": "Jive_service",
                            "tag.3041064136.propagate_at_launch": "true",
                            "tag.3041064136.value": "us-east-1_jivek8-aws",
                            "tag.3434424224.key": "Name",
                            "tag.3434424224.propagate_at_launch": "true",
                            "tag.3434424224.value": "poc-k8s-worker-instance",
                            "tag.3767096825.key": "SLA",
                            "tag.3767096825.propagate_at_launch": "true",
                            "tag.3767096825.value": "non-prod",
                            "target_group_arns.#": "0",
                            "termination_policies.#": "0",
                            "vpc_zone_identifier.#": "1",
                            "vpc_zone_identifier.713148556": "subnet-2b68e063",
                            "wait_for_capacity_timeout": "10m"
                        },
                        "meta": {},
                        "tainted": false
                    },
                    "deposed": [],
                    "provider": ""
                },
                "aws_autoscaling_group.k8s_worker_asg.1": {
                    "type": "aws_autoscaling_group",
                    "depends_on": [
                        "aws_launch_configuration.k8s_worker",
                        "data.aws_subnet_ids.natdc_subnet_ids",
                        "null_resource.k8s_cluster"
                    ],
                    "primary": {
                        "id": "poc-k8s-worker-asg2",
                        "attributes": {
                            "arn": "arn:aws:autoscaling:us-east-1:432181555651:autoScalingGroup:269be3b8-9d9b-4461-a0cf-e3bfb6d5f476:autoScalingGroupName/poc-k8s-worker-asg2",
                            "availability_zones.#": "1",
                            "availability_zones.986537655": "us-east-1c",
                            "default_cooldown": "300",
                            "desired_capacity": "1",
                            "force_delete": "false",
                            "health_check_grace_period": "300",
                            "health_check_type": "EC2",
                            "id": "poc-k8s-worker-asg2",
                            "launch_configuration": "terraform-00d028ac5443105fdd7f7ce522",
                            "load_balancers.#": "0",
                            "max_size": "5",
                            "metrics_granularity": "1Minute",
                            "min_size": "1",
                            "name": "poc-k8s-worker-asg2",
                            "placement_group": "",
                            "protect_from_scale_in": "false",
                            "suspended_processes.#": "0",
                            "tag.#": "9",
                            "tag.1498773574.key": "KubernetesCluster",
                            "tag.1498773574.propagate_at_launch": "true",
                            "tag.1498773574.value": "us-east-1_jivek8-aws",
                            "tag.2101978839.key": "K8s_cluster",
                            "tag.2101978839.propagate_at_launch": "true",
                            "tag.2101978839.value": "us-east-1_jivek8-aws",
                            "tag.228639812.key": "Service_component",
                            "tag.228639812.propagate_at_launch": "true",
                            "tag.228639812.value": "k8s-node",
                            "tag.2367306937.key": "Pipeline_phase",
                            "tag.2367306937.propagate_at_launch": "true",
                            "tag.2367306937.value": "poc",
                            "tag.2651257388.key": "Region",
                            "tag.2651257388.propagate_at_launch": "true",
                            "tag.2651257388.value": "us-east-1",
                            "tag.2977154211.key": "Hostname",
                            "tag.2977154211.propagate_at_launch": "true",
                            "tag.2977154211.value": "k8s-node2",
                            "tag.3041064136.key": "Jive_service",
                            "tag.3041064136.propagate_at_launch": "true",
                            "tag.3041064136.value": "us-east-1_jivek8-aws",
                            "tag.3434424224.key": "Name",
                            "tag.3434424224.propagate_at_launch": "true",
                            "tag.3434424224.value": "poc-k8s-worker-instance",
                            "tag.3767096825.key": "SLA",
                            "tag.3767096825.propagate_at_launch": "true",
                            "tag.3767096825.value": "non-prod",
                            "target_group_arns.#": "0",
                            "termination_policies.#": "0",
                            "vpc_zone_identifier.#": "1",
                            "vpc_zone_identifier.725729595": "subnet-a4e53988",
                            "wait_for_capacity_timeout": "10m"
                        },
                        "meta": {},
                        "tainted": false
                    },
                    "deposed": [],
                    "provider": ""
                },
                "aws_autoscaling_group.k8s_worker_asg.2": {
                    "type": "aws_autoscaling_group",
                    "depends_on": [
                        "aws_launch_configuration.k8s_worker",
                        "data.aws_subnet_ids.natdc_subnet_ids",
                        "null_resource.k8s_cluster"
                    ],
                    "primary": {
                        "id": "poc-k8s-worker-asg3",
                        "attributes": {
                            "arn": "arn:aws:autoscaling:us-east-1:432181555651:autoScalingGroup:95fa84da-a6b6-4a20-81c5-0caafc1ab130:autoScalingGroupName/poc-k8s-worker-asg3",
                            "availability_zones.#": "1",
                            "availability_zones.1305112097": "us-east-1b",
                            "default_cooldown": "300",
                            "desired_capacity": "1",
                            "force_delete": "false",
                            "health_check_grace_period": "300",
                            "health_check_type": "EC2",
                            "id": "poc-k8s-worker-asg3",
                            "launch_configuration": "terraform-00d028ac5443105fdd7f7ce522",
                            "load_balancers.#": "0",
                            "max_size": "5",
                            "metrics_granularity": "1Minute",
                            "min_size": "1",
                            "name": "poc-k8s-worker-asg3",
                            "placement_group": "",
                            "protect_from_scale_in": "false",
                            "suspended_processes.#": "0",
                            "tag.#": "9",
                            "tag.1498773574.key": "KubernetesCluster",
                            "tag.1498773574.propagate_at_launch": "true",
                            "tag.1498773574.value": "us-east-1_jivek8-aws",
                            "tag.2101978839.key": "K8s_cluster",
                            "tag.2101978839.propagate_at_launch": "true",
                            "tag.2101978839.value": "us-east-1_jivek8-aws",
                            "tag.228639812.key": "Service_component",
                            "tag.228639812.propagate_at_launch": "true",
                            "tag.228639812.value": "k8s-node",
                            "tag.2367306937.key": "Pipeline_phase",
                            "tag.2367306937.propagate_at_launch": "true",
                            "tag.2367306937.value": "poc",
                            "tag.2651257388.key": "Region",
                            "tag.2651257388.propagate_at_launch": "true",
                            "tag.2651257388.value": "us-east-1",
                            "tag.3041064136.key": "Jive_service",
                            "tag.3041064136.propagate_at_launch": "true",
                            "tag.3041064136.value": "us-east-1_jivek8-aws",
                            "tag.3434424224.key": "Name",
                            "tag.3434424224.propagate_at_launch": "true",
                            "tag.3434424224.value": "poc-k8s-worker-instance",
                            "tag.3767096825.key": "SLA",
                            "tag.3767096825.propagate_at_launch": "true",
                            "tag.3767096825.value": "non-prod",
                            "tag.386191127.key": "Hostname",
                            "tag.386191127.propagate_at_launch": "true",
                            "tag.386191127.value": "k8s-node3",
                            "target_group_arns.#": "0",
                            "termination_policies.#": "0",
                            "vpc_zone_identifier.#": "1",
                            "vpc_zone_identifier.2929905445": "subnet-f9e4db9c",
                            "wait_for_capacity_timeout": "10m"
                        },
                        "meta": {},
                        "tainted": false
                    },
                    "deposed": [],
                    "provider": ""
                },
                "aws_autoscaling_group.k8s_worker_asg.3": {
                    "type": "aws_autoscaling_group",
                    "depends_on": [
                        "aws_launch_configuration.k8s_worker",
                        "data.aws_subnet_ids.natdc_subnet_ids",
                        "null_resource.k8s_cluster"
                    ],
                    "primary": {
                        "id": "poc-k8s-worker-asg4",
                        "attributes": {
                            "arn": "arn:aws:autoscaling:us-east-1:432181555651:autoScalingGroup:6439e0c8-5cbc-4650-8a28-44ce317e3b99:autoScalingGroupName/poc-k8s-worker-asg4",
                            "availability_zones.#": "1",
                            "availability_zones.3569565595": "us-east-1a",
                            "default_cooldown": "300",
                            "desired_capacity": "1",
                            "force_delete": "false",
                            "health_check_grace_period": "300",
                            "health_check_type": "EC2",
                            "id": "poc-k8s-worker-asg4",
                            "launch_configuration": "terraform-00d028ac5443105fdd7f7ce522",
                            "load_balancers.#": "0",
                            "max_size": "5",
                            "metrics_granularity": "1Minute",
                            "min_size": "1",
                            "name": "poc-k8s-worker-asg4",
                            "placement_group": "",
                            "protect_from_scale_in": "false",
                            "suspended_processes.#": "0",
                            "tag.#": "9",
                            "tag.1498773574.key": "KubernetesCluster",
                            "tag.1498773574.propagate_at_launch": "true",
                            "tag.1498773574.value": "us-east-1_jivek8-aws",
                            "tag.2101978839.key": "K8s_cluster",
                            "tag.2101978839.propagate_at_launch": "true",
                            "tag.2101978839.value": "us-east-1_jivek8-aws",
                            "tag.228639812.key": "Service_component",
                            "tag.228639812.propagate_at_launch": "true",
                            "tag.228639812.value": "k8s-node",
                            "tag.2367306937.key": "Pipeline_phase",
                            "tag.2367306937.propagate_at_launch": "true",
                            "tag.2367306937.value": "poc",
                            "tag.2651257388.key": "Region",
                            "tag.2651257388.propagate_at_launch": "true",
                            "tag.2651257388.value": "us-east-1",
                            "tag.3041064136.key": "Jive_service",
                            "tag.3041064136.propagate_at_launch": "true",
                            "tag.3041064136.value": "us-east-1_jivek8-aws",
                            "tag.3434424224.key": "Name",
                            "tag.3434424224.propagate_at_launch": "true",
                            "tag.3434424224.value": "poc-k8s-worker-instance",
                            "tag.3533959577.key": "Hostname",
                            "tag.3533959577.propagate_at_launch": "true",
                            "tag.3533959577.value": "k8s-node4",
                            "tag.3767096825.key": "SLA",
                            "tag.3767096825.propagate_at_launch": "true",
                            "tag.3767096825.value": "non-prod",
                            "target_group_arns.#": "0",
                            "termination_policies.#": "0",
                            "vpc_zone_identifier.#": "1",
                            "vpc_zone_identifier.3313307266": "subnet-897fb5d3",
                            "wait_for_capacity_timeout": "10m"
                        },
                        "meta": {},
                        "tainted": false
                    },
                    "deposed": [],
                    "provider": ""
                },
                "aws_autoscaling_group.k8s_worker_asg.4": {
                    "type": "aws_autoscaling_group",
                    "depends_on": [
                        "aws_launch_configuration.k8s_worker",
                        "data.aws_subnet_ids.natdc_subnet_ids",
                        "null_resource.k8s_cluster"
                    ],
                    "primary": {
                        "id": "poc-k8s-worker-asg5",
                        "attributes": {
                            "arn": "arn:aws:autoscaling:us-east-1:432181555651:autoScalingGroup:bb260c93-a0f9-442b-a991-8d90bacfe6e8:autoScalingGroupName/poc-k8s-worker-asg5",
                            "availability_zones.#": "1",
                            "availability_zones.3551460226": "us-east-1e",
                            "default_cooldown": "300",
                            "desired_capacity": "1",
                            "force_delete": "false",
                            "health_check_grace_period": "300",
                            "health_check_type": "EC2",
                            "id": "poc-k8s-worker-asg5",
                            "launch_configuration": "terraform-00d028ac5443105fdd7f7ce522",
                            "load_balancers.#": "0",
                            "max_size": "5",
                            "metrics_granularity": "1Minute",
                            "min_size": "1",
                            "name": "poc-k8s-worker-asg5",
                            "placement_group": "",
                            "protect_from_scale_in": "false",
                            "suspended_processes.#": "0",
                            "tag.#": "9",
                            "tag.1498773574.key": "KubernetesCluster",
                            "tag.1498773574.propagate_at_launch": "true",
                            "tag.1498773574.value": "us-east-1_jivek8-aws",
                            "tag.1960114733.key": "Hostname",
                            "tag.1960114733.propagate_at_launch": "true",
                            "tag.1960114733.value": "k8s-node5",
                            "tag.2101978839.key": "K8s_cluster",
                            "tag.2101978839.propagate_at_launch": "true",
                            "tag.2101978839.value": "us-east-1_jivek8-aws",
                            "tag.228639812.key": "Service_component",
                            "tag.228639812.propagate_at_launch": "true",
                            "tag.228639812.value": "k8s-node",
                            "tag.2367306937.key": "Pipeline_phase",
                            "tag.2367306937.propagate_at_launch": "true",
                            "tag.2367306937.value": "poc",
                            "tag.2651257388.key": "Region",
                            "tag.2651257388.propagate_at_launch": "true",
                            "tag.2651257388.value": "us-east-1",
                            "tag.3041064136.key": "Jive_service",
                            "tag.3041064136.propagate_at_launch": "true",
                            "tag.3041064136.value": "us-east-1_jivek8-aws",
                            "tag.3434424224.key": "Name",
                            "tag.3434424224.propagate_at_launch": "true",
                            "tag.3434424224.value": "poc-k8s-worker-instance",
                            "tag.3767096825.key": "SLA",
                            "tag.3767096825.propagate_at_launch": "true",
                            "tag.3767096825.value": "non-prod",
                            "target_group_arns.#": "0",
                            "termination_policies.#": "0",
                            "vpc_zone_identifier.#": "1",
                            "vpc_zone_identifier.3874639391": "subnet-b5caef89",
                            "wait_for_capacity_timeout": "10m"
                        },
                        "meta": {},
                        "tainted": false
                    },
                    "deposed": [],
                    "provider": ""
                },
                "aws_ebs_volume.k8s_etcd_ebs.0": {
                    "type": "aws_ebs_volume",
                    "depends_on": [
                        "data.aws_availability_zones.available",
                        "null_resource.k8s_cluster"
                    ],
                    "primary": {
                        "id": "vol-0fba81f0b4ce69238",
                        "attributes": {
                            "availability_zone": "us-east-1a",
                            "encrypted": "true",
                            "id": "vol-0fba81f0b4ce69238",
                            "kms_key_id": "arn:aws:kms:us-east-1:432181555651:key/ed3c8280-2ec6-4b7f-9b37-81d20e7fe17d",
                            "size": "20",
                            "snapshot_id": "",
                            "tags.%": "7",
                            "tags.Hostname": "us-east-1_jivek8-aws-etcd1",
                            "tags.Jive_service": "us-east-1_jivek8-aws",
                            "tags.Name": "poc-k8s_etcd-instance",
                            "tags.Pipeline_phase": "poc",
                            "tags.Region": "us-east-1",
                            "tags.SLA": "non-prod",
                            "tags.Service_component": "etcd",
                            "type": "gp2"
                        },
                        "meta": {},
                        "tainted": false
                    },
                    "deposed": [],
                    "provider": ""
                },
                "aws_ebs_volume.k8s_etcd_ebs.1": {
                    "type": "aws_ebs_volume",
                    "depends_on": [
                        "data.aws_availability_zones.available",
                        "null_resource.k8s_cluster"
                    ],
                    "primary": {
                        "id": "vol-0e83d16a603756bb0",
                        "attributes": {
                            "availability_zone": "us-east-1b",
                            "encrypted": "true",
                            "id": "vol-0e83d16a603756bb0",
                            "kms_key_id": "arn:aws:kms:us-east-1:432181555651:key/ed3c8280-2ec6-4b7f-9b37-81d20e7fe17d",
                            "size": "20",
                            "snapshot_id": "",
                            "tags.%": "7",
                            "tags.Hostname": "us-east-1_jivek8-aws-etcd2",
                            "tags.Jive_service": "us-east-1_jivek8-aws",
                            "tags.Name": "poc-k8s_etcd-instance",
                            "tags.Pipeline_phase": "poc",
                            "tags.Region": "us-east-1",
                            "tags.SLA": "non-prod",
                            "tags.Service_component": "etcd",
                            "type": "gp2"
                        },
                        "meta": {},
                        "tainted": false
                    },
                    "deposed": [],
                    "provider": ""
                },
                "aws_ebs_volume.k8s_etcd_ebs.2": {
                    "type": "aws_ebs_volume",
                    "depends_on": [
                        "data.aws_availability_zones.available",
                        "null_resource.k8s_cluster"
                    ],
                    "primary": {
                        "id": "vol-043af75d9a178d422",
                        "attributes": {
                            "availability_zone": "us-east-1c",
                            "encrypted": "true",
                            "id": "vol-043af75d9a178d422",
                            "kms_key_id": "arn:aws:kms:us-east-1:432181555651:key/ed3c8280-2ec6-4b7f-9b37-81d20e7fe17d",
                            "size": "20",
                            "snapshot_id": "",
                            "tags.%": "7",
                            "tags.Hostname": "us-east-1_jivek8-aws-etcd3",
                            "tags.Jive_service": "us-east-1_jivek8-aws",
                            "tags.Name": "poc-k8s_etcd-instance",
                            "tags.Pipeline_phase": "poc",
                            "tags.Region": "us-east-1",
                            "tags.SLA": "non-prod",
                            "tags.Service_component": "etcd",
                            "type": "gp2"
                        },
                        "meta": {},
                        "tainted": false
                    },
                    "deposed": [],
                    "provider": ""
                },
                "aws_ebs_volume.k8s_etcd_ebs.3": {
                    "type": "aws_ebs_volume",
                    "depends_on": [
                        "data.aws_availability_zones.available",
                        "null_resource.k8s_cluster"
                    ],
                    "primary": {
                        "id": "vol-047dba16dd338ea59",
                        "attributes": {
                            "availability_zone": "us-east-1d",
                            "encrypted": "true",
                            "id": "vol-047dba16dd338ea59",
                            "kms_key_id": "arn:aws:kms:us-east-1:432181555651:key/ed3c8280-2ec6-4b7f-9b37-81d20e7fe17d",
                            "size": "20",
                            "snapshot_id": "",
                            "tags.%": "7",
                            "tags.Hostname": "us-east-1_jivek8-aws-etcd4",
                            "tags.Jive_service": "us-east-1_jivek8-aws",
                            "tags.Name": "poc-k8s_etcd-instance",
                            "tags.Pipeline_phase": "poc",
                            "tags.Region": "us-east-1",
                            "tags.SLA": "non-prod",
                            "tags.Service_component": "etcd",
                            "type": "gp2"
                        },
                        "meta": {},
                        "tainted": false
                    },
                    "deposed": [],
                    "provider": ""
                },
                "aws_ebs_volume.k8s_etcd_ebs.4": {
                    "type": "aws_ebs_volume",
                    "depends_on": [
                        "data.aws_availability_zones.available",
                        "null_resource.k8s_cluster"
                    ],
                    "primary": {
                        "id": "vol-0a62801df7134ade8",
                        "attributes": {
                            "availability_zone": "us-east-1e",
                            "encrypted": "true",
                            "id": "vol-0a62801df7134ade8",
                            "kms_key_id": "arn:aws:kms:us-east-1:432181555651:key/ed3c8280-2ec6-4b7f-9b37-81d20e7fe17d",
                            "size": "20",
                            "snapshot_id": "",
                            "tags.%": "7",
                            "tags.Hostname": "us-east-1_jivek8-aws-etcd5",
                            "tags.Jive_service": "us-east-1_jivek8-aws",
                            "tags.Name": "poc-k8s_etcd-instance",
                            "tags.Pipeline_phase": "poc",
                            "tags.Region": "us-east-1",
                            "tags.SLA": "non-prod",
                            "tags.Service_component": "etcd",
                            "type": "gp2"
                        },
                        "meta": {},
                        "tainted": false
                    },
                    "deposed": [],
                    "provider": ""
                },
                "aws_ebs_volume.k8s_master": {
                    "type": "aws_ebs_volume",
                    "depends_on": [
                        "null_resource.k8s_cluster"
                    ],
                    "primary": {
                        "id": "vol-071d1ac66d7046d04",
                        "attributes": {
                            "availability_zone": "us-east-1a",
                            "encrypted": "true",
                            "id": "vol-071d1ac66d7046d04",
                            "kms_key_id": "arn:aws:kms:us-east-1:432181555651:key/ed3c8280-2ec6-4b7f-9b37-81d20e7fe17d",
                            "size": "100",
                            "snapshot_id": "",
                            "tags.%": "7",
                            "tags.Hostname": "us-east-1_jivek8-aws-master1",
                            "tags.Jive_service": "us-east-1_jivek8-aws",
                            "tags.Name": "poc-k8s_master-instance",
                            "tags.Pipeline_phase": "poc",
                            "tags.Region": "us-east-1",
                            "tags.SLA": "non-prod",
                            "tags.Service_component": "k8s-master",
                            "type": "gp2"
                        },
                        "meta": {},
                        "tainted": false
                    },
                    "deposed": [],
                    "provider": ""
                },
                "aws_eip.k8s_etcd_eip.0": {
                    "type": "aws_eip",
                    "depends_on": [
                        "aws_network_interface.k8s_etcd.*"
                    ],
                    "primary": {
                        "id": "eipalloc-d3ade9e3",
                        "attributes": {
                            "association_id": "eipassoc-1741c825",
                            "domain": "vpc",
                            "id": "eipalloc-d3ade9e3",
                            "instance": "i-013def6cb9d754cf5",
                            "network_interface": "eni-637a1cb5",
                            "private_ip": "10.237.1.5",
                            "public_ip": "34.226.174.17",
                            "vpc": "true"
                        },
                        "meta": {},
                        "tainted": false
                    },
                    "deposed": [],
                    "provider": ""
                },
                "aws_eip.k8s_etcd_eip.1": {
                    "type": "aws_eip",
                    "depends_on": [
                        "aws_network_interface.k8s_etcd.*"
                    ],
                    "primary": {
                        "id": "eipalloc-d5a8ece5",
                        "attributes": {
                            "association_id": "eipassoc-c242cbf0",
                            "domain": "vpc",
                            "id": "eipalloc-d5a8ece5",
                            "instance": "i-0ff3b6fd46fec75b6",
                            "network_interface": "eni-72468265",
                            "private_ip": "10.237.2.79",
                            "public_ip": "34.229.28.105",
                            "vpc": "true"
                        },
                        "meta": {},
                        "tainted": false
                    },
                    "deposed": [],
                    "provider": ""
                },
                "aws_eip.k8s_etcd_eip.2": {
                    "type": "aws_eip",
                    "depends_on": [
                        "aws_network_interface.k8s_etcd.*"
                    ],
                    "primary": {
                        "id": "eipalloc-5aace86a",
                        "attributes": {
                            "association_id": "eipassoc-f140c9c3",
                            "domain": "vpc",
                            "id": "eipalloc-5aace86a",
                            "instance": "i-0414835e8dbb22f52",
                            "network_interface": "eni-a023a30c",
                            "private_ip": "10.237.3.35",
                            "public_ip": "50.19.198.66",
                            "vpc": "true"
                        },
                        "meta": {},
                        "tainted": false
                    },
                    "deposed": [],
                    "provider": ""
                },
                "aws_eip.k8s_etcd_eip.3": {
                    "type": "aws_eip",
                    "depends_on": [
                        "aws_network_interface.k8s_etcd.*"
                    ],
                    "primary": {
                        "id": "eipalloc-25a2e615",
                        "attributes": {
                            "association_id": "eipassoc-4343ca71",
                            "domain": "vpc",
                            "id": "eipalloc-25a2e615",
                            "instance": "i-099a246a5303b4113",
                            "network_interface": "eni-86624b56",
                            "private_ip": "10.237.4.228",
                            "public_ip": "52.55.97.120",
                            "vpc": "true"
                        },
                        "meta": {},
                        "tainted": false
                    },
                    "deposed": [],
                    "provider": ""
                },
                "aws_eip.k8s_etcd_eip.4": {
                    "type": "aws_eip",
                    "depends_on": [
                        "aws_network_interface.k8s_etcd.*"
                    ],
                    "primary": {
                        "id": "eipalloc-4fa8ec7f",
                        "attributes": {
                            "association_id": "eipassoc-a641c894",
                            "domain": "vpc",
                            "id": "eipalloc-4fa8ec7f",
                            "instance": "i-08cea8e91308da4e5",
                            "network_interface": "eni-f687caf7",
                            "private_ip": "10.237.5.27",
                            "public_ip": "34.196.140.238",
                            "vpc": "true"
                        },
                        "meta": {},
                        "tainted": false
                    },
                    "deposed": [],
                    "provider": ""
                },
                "aws_eip.k8s_master_eip": {
                    "type": "aws_eip",
                    "depends_on": [],
                    "primary": {
                        "id": "eipalloc-4aa8ec7a",
                        "attributes": {
                            "association_id": "",
                            "domain": "vpc",
                            "id": "eipalloc-4aa8ec7a",
                            "instance": "",
                            "network_interface": "",
                            "private_ip": "",
                            "public_ip": "52.2.247.86",
                            "vpc": "true"
                        },
                        "meta": {},
                        "tainted": false
                    },
                    "deposed": [],
                    "provider": ""
                },
                "aws_elb.k8s_master": {
                    "type": "aws_elb",
                    "depends_on": [
                        "aws_security_group.k8s_master_instance",
                        "null_resource.k8s_cluster"
                    ],
                    "primary": {
                        "id": "poc-k8s-master-elb",
                        "attributes": {
                            "access_logs.#": "0",
                            "availability_zones.#": "1",
                            "availability_zones.3569565595": "us-east-1a",
                            "connection_draining": "false",
                            "connection_draining_timeout": "300",
                            "cross_zone_load_balancing": "true",
                            "dns_name": "poc-k8s-master-elb-1631121337.us-east-1.elb.amazonaws.com",
                            "health_check.#": "1",
                            "health_check.0.healthy_threshold": "2",
                            "health_check.0.interval": "30",
                            "health_check.0.target": "TCP:443",
                            "health_check.0.timeout": "3",
                            "health_check.0.unhealthy_threshold": "2",
                            "id": "poc-k8s-master-elb",
                            "idle_timeout": "1800",
                            "instances.#": "1",
                            "instances.4065657433": "i-02ec1e74cd62f7f42",
                            "internal": "false",
                            "listener.#": "1",
                            "listener.610193557.instance_port": "443",
                            "listener.610193557.instance_protocol": "tcp",
                            "listener.610193557.lb_port": "443",
                            "listener.610193557.lb_protocol": "tcp",
                            "listener.610193557.ssl_certificate_id": "",
                            "name": "poc-k8s-master-elb",
                            "security_groups.#": "3",
                            "security_groups.3628783839": "sg-2deb535c",
                            "security_groups.4036838252": "sg-d876cea9",
                            "security_groups.721819510": "sg-cfdc64be",
                            "source_security_group": "432181555651/poc-instance",
                            "source_security_group_id": "sg-cfdc64be",
                            "subnets.#": "1",
                            "subnets.6772745": "subnet-307fb56a",
                            "tags.%": "7",
                            "tags.Hostname": "us-east-1_jivek8-aws-master1",
                            "tags.Jive_service": "us-east-1_jivek8-aws",
                            "tags.Name": "poc-k8s_master-elb",
                            "tags.Pipeline_phase": "poc",
                            "tags.Region": "us-east-1",
                            "tags.SLA": "non-prod",
                            "tags.Service_component": "k8s-master",
                            "zone_id": "Z35SXDOTRQ7X7K"
                        },
                        "meta": {},
                        "tainted": false
                    },
                    "deposed": [],
                    "provider": ""
                },
                "aws_iam_instance_profile.k8s-master": {
                    "type": "aws_iam_instance_profile",
                    "depends_on": [
                        "aws_iam_role.k8s-master",
                        "null_resource.k8s_cluster"
                    ],
                    "primary": {
                        "id": "us-east-1_jivek8-aws-k8s-master-profile",
                        "attributes": {
                            "arn": "arn:aws:iam::432181555651:instance-profile/us-east-1_jivek8-aws-k8s-master-profile",
                            "id": "us-east-1_jivek8-aws-k8s-master-profile",
                            "name": "us-east-1_jivek8-aws-k8s-master-profile",
                            "path": "/",
                            "role": "us-east-1_jivek8-aws-master-role",
                            "roles.#": "1",
                            "roles.3295116899": "us-east-1_jivek8-aws-master-role",
                            "unique_id": "AIPAIEJWKZHCXQMMO3S6G"
                        },
                        "meta": {},
                        "tainted": false
                    },
                    "deposed": [],
                    "provider": ""
                },
                "aws_iam_instance_profile.k8s-node": {
                    "type": "aws_iam_instance_profile",
                    "depends_on": [
                        "aws_iam_role.k8s-node",
                        "null_resource.k8s_cluster"
                    ],
                    "primary": {
                        "id": "us-east-1_jivek8-aws-k8s-node-profile",
                        "attributes": {
                            "arn": "arn:aws:iam::432181555651:instance-profile/us-east-1_jivek8-aws-k8s-node-profile",
                            "id": "us-east-1_jivek8-aws-k8s-node-profile",
                            "name": "us-east-1_jivek8-aws-k8s-node-profile",
                            "path": "/",
                            "role": "us-east-1_jivek8-aws-node-role",
                            "roles.#": "1",
                            "roles.2389712936": "us-east-1_jivek8-aws-node-role",
                            "unique_id": "AIPAIF5OTXS36UAJKEG6E"
                        },
                        "meta": {},
                        "tainted": false
                    },
                    "deposed": [],
                    "provider": ""
                },
                "aws_iam_role.k8s-master": {
                    "type": "aws_iam_role",
                    "depends_on": [
                        "null_resource.k8s_cluster"
                    ],
                    "primary": {
                        "id": "us-east-1_jivek8-aws-master-role",
                        "attributes": {
                            "arn": "arn:aws:iam::432181555651:role/us-east-1_jivek8-aws-master-role",
                            "assume_role_policy": "{\"Version\":\"2012-10-17\",\"Statement\":[{\"Sid\":\"\",\"Effect\":\"Allow\",\"Principal\":{\"Service\":\"ec2.amazonaws.com\"},\"Action\":\"sts:AssumeRole\"}]}",
                            "create_date": "2017-06-29T22:24:14Z",
                            "id": "us-east-1_jivek8-aws-master-role",
                            "name": "us-east-1_jivek8-aws-master-role",
                            "path": "/",
                            "unique_id": "AROAJFNQZT5JYXTG7GMGC"
                        },
                        "meta": {},
                        "tainted": false
                    },
                    "deposed": [],
                    "provider": ""
                },
                "aws_iam_role.k8s-node": {
                    "type": "aws_iam_role",
                    "depends_on": [
                        "null_resource.k8s_cluster"
                    ],
                    "primary": {
                        "id": "us-east-1_jivek8-aws-node-role",
                        "attributes": {
                            "arn": "arn:aws:iam::432181555651:role/us-east-1_jivek8-aws-node-role",
                            "assume_role_policy": "{\"Version\":\"2012-10-17\",\"Statement\":[{\"Sid\":\"\",\"Effect\":\"Allow\",\"Principal\":{\"Service\":\"ec2.amazonaws.com\"},\"Action\":\"sts:AssumeRole\"}]}",
                            "create_date": "2017-06-29T22:24:14Z",
                            "id": "us-east-1_jivek8-aws-node-role",
                            "name": "us-east-1_jivek8-aws-node-role",
                            "path": "/",
                            "unique_id": "AROAJD7QVY3HASCV25MAI"
                        },
                        "meta": {},
                        "tainted": false
                    },
                    "deposed": [],
                    "provider": ""
                },
                "aws_iam_role_policy.k8s-master": {
                    "type": "aws_iam_role_policy",
                    "depends_on": [
                        "aws_iam_role.k8s-master",
                        "null_resource.k8s_cluster"
                    ],
                    "primary": {
                        "id": "us-east-1_jivek8-aws-master-role:us-east-1_jivek8-aws-master-policy",
                        "attributes": {
                            "id": "us-east-1_jivek8-aws-master-role:us-east-1_jivek8-aws-master-policy",
                            "name": "us-east-1_jivek8-aws-master-policy",
                            "policy": "{\n    \"Version\": \"2012-10-17\",\n    \"Statement\": [\n        {\n            \"Effect\": \"Allow\",\n            \"Action\": [\"ec2:*\"],\n            \"Resource\": [\"*\"]\n        },\n        {\n            \"Effect\": \"Allow\",\n            \"Action\": [\"elasticloadbalancing:*\"],\n            \"Resource\": [\"*\"]\n        },\n        {\n            \"Effect\": \"Allow\",\n            \"Action\": [\n                \"ec2:Describe*\",\n                \"ec2:AttachVolume\",\n                \"ec2:DetachVolume\",\n                \"route53:ListHostedZones\",\n                \"route53:ListResourceRecordSets\",\n                \"rds:Describe*\",\n                \"elasticache:Describe*\",\n                \"s3:GetObject\",\n                \"s3:PutObject\",\n                \"s3:ListAllMyBuckets\",\n                \"s3:ListBucket\",\n                \"s3:GetBucketLocation\"\n            ],\n            \"Resource\": \"*\"\n        }\n    ]\n}\n",
                            "role": "us-east-1_jivek8-aws-master-role"
                        },
                        "meta": {},
                        "tainted": false
                    },
                    "deposed": [],
                    "provider": ""
                },
                "aws_iam_role_policy.k8s-node": {
                    "type": "aws_iam_role_policy",
                    "depends_on": [
                        "aws_iam_role.k8s-node",
                        "null_resource.k8s_cluster"
                    ],
                    "primary": {
                        "id": "us-east-1_jivek8-aws-node-role:us-east-1_jivek8-aws-node-policy",
                        "attributes": {
                            "id": "us-east-1_jivek8-aws-node-role:us-east-1_jivek8-aws-node-policy",
                            "name": "us-east-1_jivek8-aws-node-policy",
                            "policy": "{\n    \"Version\": \"2012-10-17\",\n    \"Statement\": [\n        {\n            \"Effect\": \"Allow\",\n            \"Action\": [\n                \"ec2:Describe*\",\n                \"ec2:AttachVolume\",\n                \"ec2:DetachVolume\",\n                \"ec2:AttachNetworkInterface\",\n                \"ec2:DetachNetworkInterface\",\n                \"route53:ListHostedZones\",\n                \"route53:ListResourceRecordSets\",\n                \"rds:Describe*\",\n                \"elasticache:Describe*\",\n                \"s3:GetObject\",\n                \"s3:ListAllMyBuckets\",\n                \"s3:ListBucket\",\n                \"s3:PutObject\",\n                \"s3:CreateBucket\",\n                \"s3:GetBucketLocation\"\n            ],\n            \"Resource\": \"*\"\n        }\n    ]\n}\n",
                            "role": "us-east-1_jivek8-aws-node-role"
                        },
                        "meta": {},
                        "tainted": false
                    },
                    "deposed": [],
                    "provider": ""
                },
                "aws_launch_configuration.k8s_etcd": {
                    "type": "aws_launch_configuration",
                    "depends_on": [],
                    "primary": {
                        "id": "terraform-00197f5724c5515b3dc038f1a5",
                        "attributes": {
                            "associate_public_ip_address": "false",
                            "ebs_block_device.#": "0",
                            "ebs_optimized": "false",
                            "enable_monitoring": "true",
                            "ephemeral_block_device.#": "0",
                            "iam_instance_profile": "us-east-1_jivek8-aws-k8s-node-profile",
                            "id": "terraform-00197f5724c5515b3dc038f1a5",
                            "image_id": "ami-e51f38f2",
                            "instance_type": "t2.medium",
                            "key_name": "plops-jivek8",
                            "name": "terraform-00197f5724c5515b3dc038f1a5",
                            "root_block_device.#": "1",
                            "root_block_device.0.delete_on_termination": "true",
                            "root_block_device.0.iops": "0",
                            "root_block_device.0.volume_size": "20",
                            "root_block_device.0.volume_type": "gp2",
                            "security_groups.#": "2",
                            "security_groups.1312664241": "sg-36f64e47",
                            "security_groups.721819510": "sg-cfdc64be",
                            "spot_price": "",
                            "user_data": "3cc1d33dfcbd58864834911bfa167200712fd47e",
                            "vpc_classic_link_id": "",
                            "vpc_classic_link_security_groups.#": "0"
                        },
                        "meta": {},
                        "tainted": false
                    },
                    "deposed": [],
                    "provider": ""
                },
                "aws_launch_configuration.k8s_master": {
                    "type": "aws_launch_configuration",
                    "depends_on": [],
                    "primary": {
                        "id": "terraform-00fc74fe2a8ddac4ca470155fd",
                        "attributes": {
                            "associate_public_ip_address": "false",
                            "ebs_block_device.#": "0",
                            "ebs_optimized": "false",
                            "enable_monitoring": "true",
                            "ephemeral_block_device.#": "0",
                            "iam_instance_profile": "us-east-1_jivek8-aws-k8s-master-profile",
                            "id": "terraform-00fc74fe2a8ddac4ca470155fd",
                            "image_id": "ami-e51f38f2",
                            "instance_type": "r4.xlarge",
                            "key_name": "plops-jivek8",
                            "name": "terraform-00fc74fe2a8ddac4ca470155fd",
                            "root_block_device.#": "1",
                            "root_block_device.0.delete_on_termination": "true",
                            "root_block_device.0.iops": "0",
                            "root_block_device.0.volume_size": "100",
                            "root_block_device.0.volume_type": "gp2",
                            "security_groups.#": "2",
                            "security_groups.3628783839": "sg-2deb535c",
                            "security_groups.721819510": "sg-cfdc64be",
                            "spot_price": "",
                            "user_data": "3cc1d33dfcbd58864834911bfa167200712fd47e",
                            "vpc_classic_link_id": "",
                            "vpc_classic_link_security_groups.#": "0"
                        },
                        "meta": {},
                        "tainted": false
                    },
                    "deposed": [],
                    "provider": ""
                },
                "aws_launch_configuration.k8s_worker": {
                    "type": "aws_launch_configuration",
                    "depends_on": [],
                    "primary": {
                        "id": "terraform-00d028ac5443105fdd7f7ce522",
                        "attributes": {
                            "associate_public_ip_address": "false",
                            "ebs_block_device.#": "0",
                            "ebs_optimized": "false",
                            "enable_monitoring": "true",
                            "ephemeral_block_device.#": "0",
                            "iam_instance_profile": "us-east-1_jivek8-aws-k8s-node-profile",
                            "id": "terraform-00d028ac5443105fdd7f7ce522",
                            "image_id": "ami-e51f38f2",
                            "instance_type": "m4.2xlarge",
                            "key_name": "plops-jivek8",
                            "name": "terraform-00d028ac5443105fdd7f7ce522",
                            "root_block_device.#": "1",
                            "root_block_device.0.delete_on_termination": "true",
                            "root_block_device.0.iops": "0",
                            "root_block_device.0.volume_size": "50",
                            "root_block_device.0.volume_type": "gp2",
                            "security_groups.#": "2",
                            "security_groups.3035474775": "sg-26ee5657",
                            "security_groups.721819510": "sg-cfdc64be",
                            "spot_price": "",
                            "user_data": "3cc1d33dfcbd58864834911bfa167200712fd47e",
                            "vpc_classic_link_id": "",
                            "vpc_classic_link_security_groups.#": "0"
                        },
                        "meta": {},
                        "tainted": false
                    },
                    "deposed": [],
                    "provider": ""
                },
                "aws_network_interface.k8s_etcd.0": {
                    "type": "aws_network_interface",
                    "depends_on": [],
                    "primary": {
                        "id": "eni-637a1cb5",
                        "attributes": {
                            "attachment.#": "1",
                            "attachment.1091093991.attachment_id": "eni-attach-a75b53ab",
                            "attachment.1091093991.device_index": "1",
                            "attachment.1091093991.instance": "i-013def6cb9d754cf5",
                            "description": "",
                            "id": "eni-637a1cb5",
                            "private_ip": "10.237.1.5",
                            "private_ips.#": "1",
                            "private_ips.815074957": "10.237.1.5",
                            "security_groups.#": "2",
                            "security_groups.1312664241": "sg-36f64e47",
                            "security_groups.721819510": "sg-cfdc64be",
                            "source_dest_check": "true",
                            "subnet_id": "subnet-897fb5d3",
                            "tags.%": "8",
                            "tags.Hostname": "us-east-1_jivek8-aws-etcd1",
                            "tags.Jive_service": "us-east-1_jivek8-aws",
                            "tags.KubernetesCluster": "us-east-1_jivek8-aws",
                            "tags.Name": "poc-k8s-etcd-instance",
                            "tags.Pipeline_phase": "poc",
                            "tags.Region": "us-east-1",
                            "tags.SLA": "non-prod",
                            "tags.Service_component": "k8s-etcd"
                        },
                        "meta": {},
                        "tainted": false
                    },
                    "deposed": [],
                    "provider": ""
                },
                "aws_network_interface.k8s_etcd.1": {
                    "type": "aws_network_interface",
                    "depends_on": [],
                    "primary": {
                        "id": "eni-72468265",
                        "attributes": {
                            "attachment.#": "1",
                            "attachment.3784914350.attachment_id": "eni-attach-8af97d12",
                            "attachment.3784914350.device_index": "1",
                            "attachment.3784914350.instance": "i-0ff3b6fd46fec75b6",
                            "description": "",
                            "id": "eni-72468265",
                            "private_ip": "10.237.2.79",
                            "private_ips.#": "1",
                            "private_ips.1052622970": "10.237.2.79",
                            "security_groups.#": "2",
                            "security_groups.1312664241": "sg-36f64e47",
                            "security_groups.721819510": "sg-cfdc64be",
                            "source_dest_check": "true",
                            "subnet_id": "subnet-f9e4db9c",
                            "tags.%": "8",
                            "tags.Hostname": "us-east-1_jivek8-aws-etcd2",
                            "tags.Jive_service": "us-east-1_jivek8-aws",
                            "tags.KubernetesCluster": "us-east-1_jivek8-aws",
                            "tags.Name": "poc-k8s-etcd-instance",
                            "tags.Pipeline_phase": "poc",
                            "tags.Region": "us-east-1",
                            "tags.SLA": "non-prod",
                            "tags.Service_component": "k8s-etcd"
                        },
                        "meta": {},
                        "tainted": false
                    },
                    "deposed": [],
                    "provider": ""
                },
                "aws_network_interface.k8s_etcd.2": {
                    "type": "aws_network_interface",
                    "depends_on": [],
                    "primary": {
                        "id": "eni-a023a30c",
                        "attributes": {
                            "attachment.#": "1",
                            "attachment.466191319.attachment_id": "eni-attach-f29a0bd3",
                            "attachment.466191319.device_index": "1",
                            "attachment.466191319.instance": "i-0414835e8dbb22f52",
                            "description": "",
                            "id": "eni-a023a30c",
                            "private_ip": "10.237.3.35",
                            "private_ips.#": "1",
                            "private_ips.3957009968": "10.237.3.35",
                            "security_groups.#": "2",
                            "security_groups.1312664241": "sg-36f64e47",
                            "security_groups.721819510": "sg-cfdc64be",
                            "source_dest_check": "true",
                            "subnet_id": "subnet-a4e53988",
                            "tags.%": "8",
                            "tags.Hostname": "us-east-1_jivek8-aws-etcd3",
                            "tags.Jive_service": "us-east-1_jivek8-aws",
                            "tags.KubernetesCluster": "us-east-1_jivek8-aws",
                            "tags.Name": "poc-k8s-etcd-instance",
                            "tags.Pipeline_phase": "poc",
                            "tags.Region": "us-east-1",
                            "tags.SLA": "non-prod",
                            "tags.Service_component": "k8s-etcd"
                        },
                        "meta": {},
                        "tainted": false
                    },
                    "deposed": [],
                    "provider": ""
                },
                "aws_network_interface.k8s_etcd.3": {
                    "type": "aws_network_interface",
                    "depends_on": [],
                    "primary": {
                        "id": "eni-86624b56",
                        "attributes": {
                            "attachment.#": "1",
                            "attachment.734241413.attachment_id": "eni-attach-4a314374",
                            "attachment.734241413.device_index": "1",
                            "attachment.734241413.instance": "i-099a246a5303b4113",
                            "description": "",
                            "id": "eni-86624b56",
                            "private_ip": "10.237.4.228",
                            "private_ips.#": "1",
                            "private_ips.546413681": "10.237.4.228",
                            "security_groups.#": "2",
                            "security_groups.1312664241": "sg-36f64e47",
                            "security_groups.721819510": "sg-cfdc64be",
                            "source_dest_check": "true",
                            "subnet_id": "subnet-2b68e063",
                            "tags.%": "8",
                            "tags.Hostname": "us-east-1_jivek8-aws-etcd4",
                            "tags.Jive_service": "us-east-1_jivek8-aws",
                            "tags.KubernetesCluster": "us-east-1_jivek8-aws",
                            "tags.Name": "poc-k8s-etcd-instance",
                            "tags.Pipeline_phase": "poc",
                            "tags.Region": "us-east-1",
                            "tags.SLA": "non-prod",
                            "tags.Service_component": "k8s-etcd"
                        },
                        "meta": {},
                        "tainted": false
                    },
                    "deposed": [],
                    "provider": ""
                },
                "aws_network_interface.k8s_etcd.4": {
                    "type": "aws_network_interface",
                    "depends_on": [
                        "aws_security_group.k8s_etcd_instance",
                        "data.aws_subnet_ids.natdc_subnet_ids",
                        "null_resource.k8s_cluster"
                    ],
                    "primary": {
                        "id": "eni-f687caf7",
                        "attributes": {
                            "attachment.#": "1",
                            "attachment.736231068.attachment_id": "eni-attach-639ed583",
                            "attachment.736231068.device_index": "1",
                            "attachment.736231068.instance": "i-08cea8e91308da4e5",
                            "description": "",
                            "id": "eni-f687caf7",
                            "private_ip": "10.237.5.27",
                            "private_ips.#": "1",
                            "private_ips.967123329": "10.237.5.27",
                            "security_groups.#": "2",
                            "security_groups.1312664241": "sg-36f64e47",
                            "security_groups.721819510": "sg-cfdc64be",
                            "source_dest_check": "true",
                            "subnet_id": "subnet-b5caef89",
                            "tags.%": "8",
                            "tags.Hostname": "us-east-1_jivek8-aws-etcd5",
                            "tags.Jive_service": "us-east-1_jivek8-aws",
                            "tags.KubernetesCluster": "us-east-1_jivek8-aws",
                            "tags.Name": "poc-k8s-etcd-instance",
                            "tags.Pipeline_phase": "poc",
                            "tags.Region": "us-east-1",
                            "tags.SLA": "non-prod",
                            "tags.Service_component": "k8s-etcd"
                        },
                        "meta": {},
                        "tainted": false
                    },
                    "deposed": [],
                    "provider": ""
                },
                "aws_s3_bucket.logging": {
                    "type": "aws_s3_bucket",
                    "depends_on": [
                        "data.aws_iam_policy_document.logging"
                    ],
                    "primary": {
                        "id": "us-east-1-jivek8-aws-logs",
                        "attributes": {
                            "acceleration_status": "",
                            "acl": "private",
                            "arn": "arn:aws:s3:::us-east-1-jivek8-aws-logs",
                            "bucket": "us-east-1-jivek8-aws-logs",
                            "bucket_domain_name": "us-east-1-jivek8-aws-logs.s3.amazonaws.com",
                            "force_destroy": "false",
                            "hosted_zone_id": "Z3AQBSTGFYJSTF",
                            "id": "us-east-1-jivek8-aws-logs",
                            "logging.#": "0",
                            "policy": "{\"Statement\":[{\"Action\":\"s3:PutObject\",\"Effect\":\"Allow\",\"Principal\":{\"AWS\":[\"arn:aws:iam::432181555651:role/us-east-1_jivek8-aws-master-role\",\"arn:aws:iam::432181555651:role/us-east-1_jivek8-aws-node-role\"]},\"Resource\":\"arn:aws:s3:::us-east-1-jivek8-aws-logs/*\",\"Sid\":\"Logs\"}],\"Version\":\"2012-10-17\"}",
                            "region": "us-east-1",
                            "request_payer": "BucketOwner",
                            "tags.%": "5",
                            "tags.KubernetesCluster": "us-east-1_jivek8-aws",
                            "tags.Name": "us-east-1-jivek8-aws-logs",
                            "tags.pipeline_phase": "poc",
                            "tags.region": "us-east-1",
                            "tags.service_component": "logs",
                            "versioning.#": "1",
                            "versioning.0.enabled": "false",
                            "versioning.0.mfa_delete": "false",
                            "website.#": "0"
                        },
                        "meta": {},
                        "tainted": false
                    },
                    "deposed": [],
                    "provider": ""
                },
                "aws_security_group.k8s_etcd_instance": {
                    "type": "aws_security_group",
                    "depends_on": [
                        "aws_security_group.k8s_master_instance",
                        "aws_security_group.k8s_worker_instance",
                        "null_resource.k8s_cluster"
                    ],
                    "primary": {
                        "id": "sg-36f64e47",
                        "attributes": {
                            "description": "Access to K8S etcd nodes",
                            "egress.#": "0",
                            "id": "sg-36f64e47",
                            "ingress.#": "2",
                            "ingress.2392779392.cidr_blocks.#": "0",
                            "ingress.2392779392.from_port": "2379",
                            "ingress.2392779392.ipv6_cidr_blocks.#": "0",
                            "ingress.2392779392.protocol": "tcp",
                            "ingress.2392779392.security_groups.#": "2",
                            "ingress.2392779392.security_groups.3035474775": "sg-26ee5657",
                            "ingress.2392779392.security_groups.3628783839": "sg-2deb535c",
                            "ingress.2392779392.self": "true",
                            "ingress.2392779392.to_port": "2379",
                            "ingress.2867836954.cidr_blocks.#": "0",
                            "ingress.2867836954.from_port": "2380",
                            "ingress.2867836954.ipv6_cidr_blocks.#": "0",
                            "ingress.2867836954.protocol": "tcp",
                            "ingress.2867836954.security_groups.#": "2",
                            "ingress.2867836954.security_groups.3035474775": "sg-26ee5657",
                            "ingress.2867836954.security_groups.3628783839": "sg-2deb535c",
                            "ingress.2867836954.self": "true",
                            "ingress.2867836954.to_port": "2380",
                            "name": "us-east-1_jivek8-aws-kubernetes-etcd-instance",
                            "owner_id": "432181555651",
                            "tags.%": "6",
                            "tags.Name": "us-east-1_jivek8-aws-etcd-instance",
                            "tags.jive_service": "k8s",
                            "tags.pipeline_phase": "poc",
                            "tags.region": "us-east-1",
                            "tags.service_component": "k8s-etcd",
                            "tags.sla": "non-prod",
                            "vpc_id": "vpc-e6ac679f"
                        },
                        "meta": {},
                        "tainted": false
                    },
                    "deposed": [],
                    "provider": ""
                },
                "aws_security_group.k8s_master_instance": {
                    "type": "aws_security_group",
                    "depends_on": [
                        "null_resource.k8s_cluster"
                    ],
                    "primary": {
                        "id": "sg-2deb535c",
                        "attributes": {
                            "description": "Access to K8S Master nodes",
                            "egress.#": "0",
                            "id": "sg-2deb535c",
                            "ingress.#": "3",
                            "ingress.2081327672.cidr_blocks.#": "0",
                            "ingress.2081327672.from_port": "0",
                            "ingress.2081327672.ipv6_cidr_blocks.#": "0",
                            "ingress.2081327672.protocol": "-1",
                            "ingress.2081327672.security_groups.#": "1",
                            "ingress.2081327672.security_groups.3035474775": "sg-26ee5657",
                            "ingress.2081327672.self": "false",
                            "ingress.2081327672.to_port": "0",
                            "ingress.3126439588.cidr_blocks.#": "1",
                            "ingress.3126439588.cidr_blocks.0": "10.237.0.0/20",
                            "ingress.3126439588.from_port": "8080",
                            "ingress.3126439588.ipv6_cidr_blocks.#": "0",
                            "ingress.3126439588.protocol": "tcp",
                            "ingress.3126439588.security_groups.#": "0",
                            "ingress.3126439588.self": "true",
                            "ingress.3126439588.to_port": "8080",
                            "ingress.691539513.cidr_blocks.#": "1",
                            "ingress.691539513.cidr_blocks.0": "10.0.0.0/8",
                            "ingress.691539513.from_port": "443",
                            "ingress.691539513.ipv6_cidr_blocks.#": "0",
                            "ingress.691539513.protocol": "tcp",
                            "ingress.691539513.security_groups.#": "0",
                            "ingress.691539513.self": "true",
                            "ingress.691539513.to_port": "443",
                            "name": "us-east-1_jivek8-aws-master-instance",
                            "owner_id": "432181555651",
                            "tags.%": "6",
                            "tags.Name": "us-east-1_jivek8-aws-master-instance",
                            "tags.jive_service": "k8s",
                            "tags.pipeline_phase": "poc",
                            "tags.region": "us-east-1",
                            "tags.service_component": "k8s-master",
                            "tags.sla": "non-prod",
                            "vpc_id": "vpc-e6ac679f"
                        },
                        "meta": {},
                        "tainted": false
                    },
                    "deposed": [],
                    "provider": ""
                },
                "aws_security_group.k8s_worker_instance": {
                    "type": "aws_security_group",
                    "depends_on": [
                        "aws_security_group.k8s_master_instance",
                        "null_resource.k8s_cluster"
                    ],
                    "primary": {
                        "id": "sg-26ee5657",
                        "attributes": {
                            "description": "Allow traffic to K8S worker nodes",
                            "egress.#": "0",
                            "id": "sg-26ee5657",
                            "ingress.#": "2",
                            "ingress.4092446448.cidr_blocks.#": "1",
                            "ingress.4092446448.cidr_blocks.0": "10.237.0.0/20",
                            "ingress.4092446448.from_port": "30000",
                            "ingress.4092446448.ipv6_cidr_blocks.#": "0",
                            "ingress.4092446448.protocol": "tcp",
                            "ingress.4092446448.security_groups.#": "0",
                            "ingress.4092446448.self": "false",
                            "ingress.4092446448.to_port": "32767",
                            "ingress.959181192.cidr_blocks.#": "0",
                            "ingress.959181192.from_port": "0",
                            "ingress.959181192.ipv6_cidr_blocks.#": "0",
                            "ingress.959181192.protocol": "-1",
                            "ingress.959181192.security_groups.#": "1",
                            "ingress.959181192.security_groups.3628783839": "sg-2deb535c",
                            "ingress.959181192.self": "true",
                            "ingress.959181192.to_port": "0",
                            "name": "us-east-1_jivek8-aws-worker-instance",
                            "owner_id": "432181555651",
                            "tags.%": "7",
                            "tags.KubernetesCluster": "us-east-1_jivek8-aws",
                            "tags.Name": "us-east-1_jivek8-aws-worker-instance",
                            "tags.jive_service": "k8s",
                            "tags.pipeline_phase": "poc",
                            "tags.region": "us-east-1",
                            "tags.service_component": "k8s-worker",
                            "tags.sla": "non-prod",
                            "vpc_id": "vpc-e6ac679f"
                        },
                        "meta": {},
                        "tainted": false
                    },
                    "deposed": [],
                    "provider": ""
                },
                "aws_security_group_rule.k8s_master_instance": {
                    "type": "aws_security_group_rule",
                    "depends_on": [
                        "aws_security_group.k8s_master_instance",
                        "aws_security_group.k8s_worker_instance"
                    ],
                    "primary": {
                        "id": "sgrule-2602622654",
                        "attributes": {
                            "cidr_blocks.#": "0",
                            "from_port": "0",
                            "id": "sgrule-2602622654",
                            "ipv6_cidr_blocks.#": "0",
                            "prefix_list_ids.#": "0",
                            "protocol": "-1",
                            "security_group_id": "sg-2deb535c",
                            "self": "false",
                            "source_security_group_id": "sg-26ee5657",
                            "to_port": "0",
                            "type": "ingress"
                        },
                        "meta": {
                            "schema_version": "2"
                        },
                        "tainted": false
                    },
                    "deposed": [],
                    "provider": ""
                },
                "aws_security_group_rule.k8s_worker_instance": {
                    "type": "aws_security_group_rule",
                    "depends_on": [
                        "aws_security_group.k8s_worker_instance"
                    ],
                    "primary": {
                        "id": "sgrule-1025263926",
                        "attributes": {
                            "cidr_blocks.#": "1",
                            "cidr_blocks.0": "10.237.0.0/20",
                            "from_port": "30000",
                            "id": "sgrule-1025263926",
                            "ipv6_cidr_blocks.#": "0",
                            "prefix_list_ids.#": "0",
                            "protocol": "tcp",
                            "security_group_id": "sg-26ee5657",
                            "self": "false",
                            "to_port": "32767",
                            "type": "ingress"
                        },
                        "meta": {
                            "schema_version": "2"
                        },
                        "tainted": false
                    },
                    "deposed": [],
                    "provider": ""
                },
                "data.aws_availability_zones.available": {
                    "type": "aws_availability_zones",
                    "depends_on": [],
                    "primary": {
                        "id": "2017-06-30 07:08:28.672060539 +0000 UTC",
                        "attributes": {
                            "id": "2017-06-30 07:08:28.672060539 +0000 UTC",
                            "names.#": "6",
                            "names.0": "us-east-1a",
                            "names.1": "us-east-1b",
                            "names.2": "us-east-1c",
                            "names.3": "us-east-1d",
                            "names.4": "us-east-1e",
                            "names.5": "us-east-1f"
                        },
                        "meta": {},
                        "tainted": false
                    },
                    "deposed": [],
                    "provider": ""
                },
                "data.aws_iam_policy_document.logging": {
                    "type": "aws_iam_policy_document",
                    "depends_on": [
                        "aws_iam_role.k8s-master",
                        "aws_iam_role.k8s-node"
                    ],
                    "primary": {
                        "id": "3603601402",
                        "attributes": {
                            "id": "3603601402",
                            "json": "{\n  \"Version\": \"2012-10-17\",\n  \"Statement\": [\n    {\n      \"Sid\": \"Logs\",\n      \"Effect\": \"Allow\",\n      \"Action\": \"s3:PutObject\",\n      \"Resource\": \"arn:aws:s3:::us-east-1-jivek8-aws-logs/*\",\n      \"Principal\": {\n        \"AWS\": [\n          \"arn:aws:iam::432181555651:role/us-east-1_jivek8-aws-node-role\",\n          \"arn:aws:iam::432181555651:role/us-east-1_jivek8-aws-master-role\"\n        ]\n      }\n    }\n  ]\n}",
                            "statement.#": "1",
                            "statement.0.actions.#": "1",
                            "statement.0.actions.315547055": "s3:PutObject",
                            "statement.0.condition.#": "0",
                            "statement.0.effect": "Allow",
                            "statement.0.not_actions.#": "0",
                            "statement.0.not_principals.#": "0",
                            "statement.0.not_resources.#": "0",
                            "statement.0.principals.#": "1",
                            "statement.0.principals.1416313568.identifiers.#": "2",
                            "statement.0.principals.1416313568.identifiers.1904117505": "arn:aws:iam::432181555651:role/us-east-1_jivek8-aws-node-role",
                            "statement.0.principals.1416313568.identifiers.3100148829": "arn:aws:iam::432181555651:role/us-east-1_jivek8-aws-master-role",
                            "statement.0.principals.1416313568.type": "AWS",
                            "statement.0.resources.#": "1",
                            "statement.0.resources.3162526693": "arn:aws:s3:::us-east-1-jivek8-aws-logs/*",
                            "statement.0.sid": "Logs"
                        },
                        "meta": {},
                        "tainted": false
                    },
                    "deposed": [],
                    "provider": ""
                },
                "data.aws_subnet.natdc.0": {
                    "type": "aws_subnet",
                    "depends_on": [
                        "data.aws_availability_zones.available"
                    ],
                    "primary": {
                        "id": "subnet-897fb5d3",
                        "attributes": {
                            "assign_ipv6_address_on_creation": "false",
                            "availability_zone": "us-east-1a",
                            "cidr_block": "10.237.1.0/24",
                            "default_for_az": "false",
                            "id": "subnet-897fb5d3",
                            "map_public_ip_on_launch": "false",
                            "state": "available",
                            "tags.%": "4",
                            "tags.KubernetesCluster": "us-east-1_jivek8-aws",
                            "tags.Name": "jivek8-private-subnet-1a",
                            "tags.kubernetes.io/role/internal-elb": "us-east-1_jivek8-aws",
                            "tags.type": "private",
                            "vpc_id": "vpc-e6ac679f"
                        },
                        "meta": {},
                        "tainted": false
                    },
                    "deposed": [],
                    "provider": ""
                },
                "data.aws_subnet.natdc.1": {
                    "type": "aws_subnet",
                    "depends_on": [
                        "data.aws_availability_zones.available"
                    ],
                    "primary": {
                        "id": "subnet-f9e4db9c",
                        "attributes": {
                            "assign_ipv6_address_on_creation": "false",
                            "availability_zone": "us-east-1b",
                            "cidr_block": "10.237.2.0/24",
                            "default_for_az": "false",
                            "id": "subnet-f9e4db9c",
                            "map_public_ip_on_launch": "false",
                            "state": "available",
                            "tags.%": "4",
                            "tags.KubernetesCluster": "us-east-1_jivek8-aws",
                            "tags.Name": "jivek8-private-subnet-1b",
                            "tags.kubernetes.io/role/internal-elb": "us-east-1_jivek8-aws",
                            "tags.type": "private",
                            "vpc_id": "vpc-e6ac679f"
                        },
                        "meta": {},
                        "tainted": false
                    },
                    "deposed": [],
                    "provider": ""
                },
                "data.aws_subnet.natdc.2": {
                    "type": "aws_subnet",
                    "depends_on": [
                        "data.aws_availability_zones.available"
                    ],
                    "primary": {
                        "id": "subnet-a4e53988",
                        "attributes": {
                            "assign_ipv6_address_on_creation": "false",
                            "availability_zone": "us-east-1c",
                            "cidr_block": "10.237.3.0/24",
                            "default_for_az": "false",
                            "id": "subnet-a4e53988",
                            "map_public_ip_on_launch": "false",
                            "state": "available",
                            "tags.%": "4",
                            "tags.KubernetesCluster": "us-east-1_jivek8-aws",
                            "tags.Name": "jivek8-private-subnet-1c",
                            "tags.kubernetes.io/role/internal-elb": "us-east-1_jivek8-aws",
                            "tags.type": "private",
                            "vpc_id": "vpc-e6ac679f"
                        },
                        "meta": {},
                        "tainted": false
                    },
                    "deposed": [],
                    "provider": ""
                },
                "data.aws_subnet.natdc.3": {
                    "type": "aws_subnet",
                    "depends_on": [
                        "data.aws_availability_zones.available"
                    ],
                    "primary": {
                        "id": "subnet-2b68e063",
                        "attributes": {
                            "assign_ipv6_address_on_creation": "false",
                            "availability_zone": "us-east-1d",
                            "cidr_block": "10.237.4.0/24",
                            "default_for_az": "false",
                            "id": "subnet-2b68e063",
                            "map_public_ip_on_launch": "false",
                            "state": "available",
                            "tags.%": "4",
                            "tags.KubernetesCluster": "us-east-1_jivek8-aws",
                            "tags.Name": "jivek8-private-subnet-1d",
                            "tags.kubernetes.io/role/internal-elb": "us-east-1_jivek8-aws",
                            "tags.type": "private",
                            "vpc_id": "vpc-e6ac679f"
                        },
                        "meta": {},
                        "tainted": false
                    },
                    "deposed": [],
                    "provider": ""
                },
                "data.aws_subnet.natdc.4": {
                    "type": "aws_subnet",
                    "depends_on": [
                        "data.aws_availability_zones.available"
                    ],
                    "primary": {
                        "id": "subnet-b5caef89",
                        "attributes": {
                            "assign_ipv6_address_on_creation": "false",
                            "availability_zone": "us-east-1e",
                            "cidr_block": "10.237.5.0/24",
                            "default_for_az": "false",
                            "id": "subnet-b5caef89",
                            "map_public_ip_on_launch": "false",
                            "state": "available",
                            "tags.%": "4",
                            "tags.KubernetesCluster": "us-east-1_jivek8-aws",
                            "tags.Name": "jivek8-private-subnet-1e",
                            "tags.kubernetes.io/role/internal-elb": "us-east-1_jivek8-aws",
                            "tags.type": "private",
                            "vpc_id": "vpc-e6ac679f"
                        },
                        "meta": {},
                        "tainted": false
                    },
                    "deposed": [],
                    "provider": ""
                },
                "data.aws_subnet_ids.natdc_subnet_ids": {
                    "type": "aws_subnet_ids",
                    "depends_on": [],
                    "primary": {
                        "id": "vpc-e6ac679f",
                        "attributes": {
                            "id": "vpc-e6ac679f",
                            "ids.#": "5",
                            "ids.2929905445": "subnet-f9e4db9c",
                            "ids.3313307266": "subnet-897fb5d3",
                            "ids.3874639391": "subnet-b5caef89",
                            "ids.713148556": "subnet-2b68e063",
                            "ids.725729595": "subnet-a4e53988",
                            "tags.%": "1",
                            "tags.type": "private",
                            "vpc_id": "vpc-e6ac679f"
                        },
                        "meta": {},
                        "tainted": false
                    },
                    "deposed": [],
                    "provider": ""
                },
                "data.template_file.cloud_config": {
                    "type": "template_file",
                    "depends_on": [
                        "aws_eip.k8s_master_eip",
                        "aws_elb.k8s_master",
                        "null_resource.k8s_cluster"
                    ],
                    "primary": {
                        "id": "436b6a26302c31998c37e6d4110cc4f2b8f7812a07875600de506e375e4a4f3f",
                        "attributes": {
                            "id": "436b6a26302c31998c37e6d4110cc4f2b8f7812a07875600de506e375e4a4f3f",
                            "rendered": "#cloud-config\ncoreos:\n  units:\n    - name: bootstrap.service\n      command: start\n      content: |\n        [Unit]\n        Requires=early-docker.service\n        After=early-docker.service\n        Description=Bootstraps the node\n        [Service]\n        Environment=\"DOCKER_HOST=unix:///var/run/early-docker.sock\"\n        Type=oneshot\n        RemainAfterExit=yes\n        ExecStart=/root/bootstrap.sh\n    - name: settimezone.service\n      command: start\n      content: |\n        [Unit]\n        Description=Set the timezone\n        [Service]\n        ExecStart=/usr/bin/timedatectl set-timezone UTC\n        RemainAfterExit=yes\n        Type=oneshot\nupdate:\n    reboot-strategy: off\nssh_authorized_keys:\n  - ssh-rsa AAAAB3NzaC1yc2EAAAADAQABAAABAQDLdKAseXX20GP1cIVepzRLeM2tEF7rAcRAM0flpfQqYgWugJy7EkG5WoMsWPwxoRdeo/mXg8LZ+Kr75XcD8j/iR0jHJZnAZ7grpY8Cb92T1S6N7c7PMXAhiqd/ezjSQIeRS7ciqPppe6xvSB7VyAIs8jkoje3HPG/AQ+Oe0u7bTGoW/Dhu3OkTxldOjDrBHaD14hNvcdqRuJa5DFMAaCdS//Wli7uuQ7cE9Gc4KOsy/xwmTT5JiyyyMGS5i3qbYifPqwE9ln1m4EqrSl1oW6WUU/rxZcy5u8J/GIRSKTK62mfYjqNcALNEv2VEfiP+BI2WkQPlkcx/oQ4dyee+pO7D\nwrite_files:\n  - path: /etc/hosts\n    permissions: 0644\n    content: |\n      10.160.4.127 docker.phx1.jivehosted.com\n      10.160.70.25 pulp-slave\nwrite_files:\n  - path: /root/parse_manifest.sh\n    permissions: 0755\n    content: |\n      #!/usr/bin/bash\n      jq -c '.clusters[] | select(.clusterName == \"us-east-1_jivek8-aws\") | .ansibleImageVersion' /tmp/cluster_manifest.json\nwrite_files:\n  - path: /root/pam_workaround.sh\n    permissions: 0755\n    content: |\n      #!/usr/bin/bash\n      if [[ -d /lib/pam.d ]]; then\n        rsync -a /lib/pam.d/ /etc/pam.d/\n        sed -i '/pam_systemd.so/d' /etc/pam.d/*\n        sed -i '/pam_nologin.so/d' /etc/pam.d/*\n      fi\nwrite_files:\n  - path: /root/bootstrap.sh\n    permissions: 0755\n    content: |\n      #!/usr/bin/bash\n      #\n      if [ -f /etc/coreos/update.conf ] ; then\n        rm  /etc/coreos/update.conf\n      fi\n\n      declare -r ansible_bucket=https://s3-us-west-2.amazonaws.com/jive-ansible-coreos-vault-jivek8-aws\n\n      # Get cluster manifest from S3 bucket\n      curl -XGET -s \\\n      --retry 3 \\\n      --retry-delay 5 \\\n      ${ansible_bucket}/cluster_manifest.json \\\n      --output /tmp/cluster_manifest.json\n\n      # Get ansible-coreos bootstrap script from S3 bucket\n      curl -XGET -s \\\n      --retry 3 \\\n      --retry-delay 5 \\\n      ${ansible_bucket}/run-ansible-container.sh \\\n      --output /tmp/run-ansible-container.sh\n\n      declare -r docker_image=$(bash /root/parse_manifest.sh | sed 's/\"//g')\n      bash -vx /root/pam_workaround.sh\n      bash -vx /tmp/run-ansible-container.sh ${docker_image}\n\n      exit 0\n\n# MASTER_EIP_ALLOC and ELB_NAME are passed from Terraform\n#MASTER_EIP_ALLOC:eipalloc-4aa8ec7a\n",
                            "template": "#cloud-config\ncoreos:\n  units:\n    - name: bootstrap.service\n      command: start\n      content: |\n        [Unit]\n        Requires=early-docker.service\n        After=early-docker.service\n        Description=Bootstraps the node\n        [Service]\n        Environment=\"DOCKER_HOST=unix:///var/run/early-docker.sock\"\n        Type=oneshot\n        RemainAfterExit=yes\n        ExecStart=/root/bootstrap.sh\n    - name: settimezone.service\n      command: start\n      content: |\n        [Unit]\n        Description=Set the timezone\n        [Service]\n        ExecStart=/usr/bin/timedatectl set-timezone UTC\n        RemainAfterExit=yes\n        Type=oneshot\nupdate:\n    reboot-strategy: off\nssh_authorized_keys:\n  - ${COREOS_AUTHKEY}\nwrite_files:\n  - path: /etc/hosts\n    permissions: 0644\n    content: |\n      ${DOCKER_REGISTRY}\n      ${PHX_PULP}\nwrite_files:\n  - path: /root/parse_manifest.sh\n    permissions: 0755\n    content: |\n      #!/usr/bin/bash\n      jq -c '.clusters[] | select(.clusterName == \"${KubernetesCluster}\") | .ansibleImageVersion' /tmp/cluster_manifest.json\nwrite_files:\n  - path: /root/pam_workaround.sh\n    permissions: 0755\n    content: |\n      #!/usr/bin/bash\n      if [[ -d /lib/pam.d ]]; then\n        rsync -a /lib/pam.d/ /etc/pam.d/\n        sed -i '/pam_systemd.so/d' /etc/pam.d/*\n        sed -i '/pam_nologin.so/d' /etc/pam.d/*\n      fi\nwrite_files:\n  - path: /root/bootstrap.sh\n    permissions: 0755\n    content: |\n      #!/usr/bin/bash\n      #\n      if [ -f /etc/coreos/update.conf ] ; then\n        rm  /etc/coreos/update.conf\n      fi\n\n      declare -r ansible_bucket=${ANSIBLE_BUCKET}\n\n      # Get cluster manifest from S3 bucket\n      curl -XGET -s \\\n      --retry 3 \\\n      --retry-delay 5 \\\n      $${ansible_bucket}/cluster_manifest.json \\\n      --output /tmp/cluster_manifest.json\n\n      # Get ansible-coreos bootstrap script from S3 bucket\n      curl -XGET -s \\\n      --retry 3 \\\n      --retry-delay 5 \\\n      $${ansible_bucket}/run-ansible-container.sh \\\n      --output /tmp/run-ansible-container.sh\n\n      declare -r docker_image=$$(bash /root/parse_manifest.sh | sed 's/\"//g')\n      bash -vx /root/pam_workaround.sh\n      bash -vx /tmp/run-ansible-container.sh $${docker_image}\n\n      exit 0\n\n# MASTER_EIP_ALLOC and ELB_NAME are passed from Terraform\n#MASTER_EIP_ALLOC:${MASTER_EIP_ALLOC}\n",
                            "vars.%": "7",
                            "vars.ANSIBLE_BUCKET": "https://s3-us-west-2.amazonaws.com/jive-ansible-coreos-vault-jivek8-aws",
                            "vars.COREOS_AUTHKEY": "ssh-rsa AAAAB3NzaC1yc2EAAAADAQABAAABAQDLdKAseXX20GP1cIVepzRLeM2tEF7rAcRAM0flpfQqYgWugJy7EkG5WoMsWPwxoRdeo/mXg8LZ+Kr75XcD8j/iR0jHJZnAZ7grpY8Cb92T1S6N7c7PMXAhiqd/ezjSQIeRS7ciqPppe6xvSB7VyAIs8jkoje3HPG/AQ+Oe0u7bTGoW/Dhu3OkTxldOjDrBHaD14hNvcdqRuJa5DFMAaCdS//Wli7uuQ7cE9Gc4KOsy/xwmTT5JiyyyMGS5i3qbYifPqwE9ln1m4EqrSl1oW6WUU/rxZcy5u8J/GIRSKTK62mfYjqNcALNEv2VEfiP+BI2WkQPlkcx/oQ4dyee+pO7D",
                            "vars.DOCKER_REGISTRY": "10.160.4.127 docker.phx1.jivehosted.com",
                            "vars.ELB_NAME": "poc-k8s-master-elb",
                            "vars.KubernetesCluster": "us-east-1_jivek8-aws",
                            "vars.MASTER_EIP_ALLOC": "eipalloc-4aa8ec7a",
                            "vars.PHX_PULP": "10.160.70.25 pulp-slave"
                        },
                        "meta": {},
                        "tainted": false
                    },
                    "deposed": [],
                    "provider": ""
                },
                "null_resource.k8s_cluster": {
                    "type": "null_resource",
                    "depends_on": [],
                    "primary": {
                        "id": "355856995907711017",
                        "attributes": {
                            "id": "355856995907711017",
                            "triggers.%": "1",
                            "triggers.name": "us-east-1_jivek8-aws"
                        },
                        "meta": {},
                        "tainted": false
                    },
                    "deposed": [],
                    "provider": ""
                }
            },
            "depends_on": []
        }
    ]
}
