{
    "version": 3,
    "terraform_version": "0.9.2",
    "serial": 14,
    "lineage": "2326c7bc-e487-407d-a78e-afa6b590440a",
    "modules": [
        {
            "path": [
                "root"
            ],
            "outputs": {},
            "resources": {
                "aws_eip.natgw.0": {
                    "type": "aws_eip",
                    "primary": {
                        "id": "eipalloc-a0701fc4",
                        "attributes": {
                            "association_id": "eipassoc-d43f15b2",
                            "domain": "vpc",
                            "id": "eipalloc-a0701fc4",
                            "instance": "",
                            "network_interface": "eni-fa854480",
                            "private_ip": "10.126.11.28",
                            "public_ip": "52.37.201.144",
                            "vpc": "true"
                        }
                    }
                },
                "aws_eip.natgw.1": {
                    "type": "aws_eip",
                    "depends_on": [],
                    "primary": {
                        "id": "eipalloc-9ee27aa4",
                        "attributes": {
                            "association_id": "",
                            "domain": "vpc",
                            "id": "eipalloc-9ee27aa4",
                            "instance": "",
                            "network_interface": "",
                            "private_ip": "",
                            "public_ip": "34.208.8.156",
                            "vpc": "true"
                        },
                        "meta": {},
                        "tainted": false
                    },
                    "deposed": [],
                    "provider": ""
                },
                "aws_eip.natgw.2": {
                    "type": "aws_eip",
                    "depends_on": [],
                    "primary": {
                        "id": "eipalloc-b0e47c8a",
                        "attributes": {
                            "association_id": "",
                            "domain": "vpc",
                            "id": "eipalloc-b0e47c8a",
                            "instance": "",
                            "network_interface": "",
                            "private_ip": "",
                            "public_ip": "35.166.161.182",
                            "vpc": "true"
                        },
                        "meta": {},
                        "tainted": false
                    },
                    "deposed": [],
                    "provider": ""
                },
                "aws_internet_gateway.igw": {
                    "type": "aws_internet_gateway",
                    "depends_on": [
                        "aws_vpc.main"
                    ],
                    "primary": {
                        "id": "igw-4ed9de2b",
                        "attributes": {
                            "id": "igw-4ed9de2b",
                            "tags.#": "5",
                            "tags.Account_name": "jive-reco-pipeline",
                            "tags.Name": "release-igw",
                            "tags.Pipeline_phase": "release",
                            "tags.Region": "us-west-2",
                            "tags.SLA": "non-prod",
                            "vpc_id": "vpc-651aaf01"
                        }
                    }
                },
                "aws_nat_gateway.natgw.0": {
                    "type": "aws_nat_gateway",
                    "depends_on": [
                        "aws_eip.natgw.*",
                        "aws_internet_gateway.igw",
                        "aws_subnet.public.*"
                    ],
                    "primary": {
                        "id": "nat-092142d138c2b009e",
                        "attributes": {
                            "allocation_id": "eipalloc-a0701fc4",
                            "id": "nat-092142d138c2b009e",
                            "network_interface_id": "eni-eedecfc6",
                            "private_ip": "10.126.11.24",
                            "public_ip": "52.37.201.144",
                            "subnet_id": "subnet-15f94971"
                        }
                    }
                },
                "aws_nat_gateway.natgw.1": {
                    "type": "aws_nat_gateway",
                    "depends_on": [
                        "aws_eip.natgw.*",
                        "aws_internet_gateway.igw",
                        "aws_subnet.public.*"
                    ],
                    "primary": {
                        "id": "nat-08f2fc97dff9e3163",
                        "attributes": {
                            "allocation_id": "eipalloc-9ee27aa4",
                            "id": "nat-08f2fc97dff9e3163",
                            "network_interface_id": "eni-84c6f7be",
                            "private_ip": "10.126.11.47",
                            "public_ip": "34.208.8.156",
                            "subnet_id": "subnet-a53bf1d3"
                        },
                        "meta": {},
                        "tainted": false
                    },
                    "deposed": [],
                    "provider": ""
                },
                "aws_nat_gateway.natgw.2": {
                    "type": "aws_nat_gateway",
                    "depends_on": [
                        "aws_eip.natgw.*",
                        "aws_internet_gateway.igw",
                        "aws_subnet.public.*"
                    ],
                    "primary": {
                        "id": "nat-02262df0d6d060b48",
                        "attributes": {
                            "allocation_id": "eipalloc-b0e47c8a",
                            "id": "nat-02262df0d6d060b48",
                            "network_interface_id": "eni-08de9a04",
                            "private_ip": "10.126.11.82",
                            "public_ip": "35.166.161.182",
                            "subnet_id": "subnet-72baa02b"
                        },
                        "meta": {},
                        "tainted": false
                    },
                    "deposed": [],
                    "provider": ""
                },
                "aws_route.bastion_natdc.0": {
                    "type": "aws_route",
                    "depends_on": [
                        "aws_route_table.natdc.*",
                        "aws_vpc_peering_connection.infra"
                    ],
                    "primary": {
                        "id": "r-rtb-630995072599437051",
                        "attributes": {
                            "destination_cidr_block": "10.127.48.7/32",
                            "destination_prefix_list_id": "",
                            "egress_only_gateway_id": "",
                            "gateway_id": "",
                            "id": "r-rtb-630995072599437051",
                            "instance_id": "",
                            "instance_owner_id": "",
                            "nat_gateway_id": "",
                            "network_interface_id": "",
                            "origin": "CreateRoute",
                            "route_table_id": "rtb-63099507",
                            "state": "active",
                            "vpc_peering_connection_id": "pcx-296ec440"
                        },
                        "meta": {},
                        "tainted": false
                    },
                    "deposed": [],
                    "provider": ""
                },
                "aws_route.bastion_natdc.1": {
                    "type": "aws_route",
                    "depends_on": [
                        "aws_route_table.natdc.*",
                        "aws_vpc_peering_connection.infra"
                    ],
                    "primary": {
                        "id": "r-rtb-58538c3e2599437051",
                        "attributes": {
                            "destination_cidr_block": "10.127.48.7/32",
                            "destination_prefix_list_id": "",
                            "egress_only_gateway_id": "",
                            "gateway_id": "",
                            "id": "r-rtb-58538c3e2599437051",
                            "instance_id": "",
                            "instance_owner_id": "",
                            "nat_gateway_id": "",
                            "network_interface_id": "",
                            "origin": "CreateRoute",
                            "route_table_id": "rtb-58538c3e",
                            "state": "active",
                            "vpc_peering_connection_id": "pcx-296ec440"
                        },
                        "meta": {},
                        "tainted": false
                    },
                    "deposed": [],
                    "provider": ""
                },
                "aws_route.bastion_natdc.2": {
                    "type": "aws_route",
                    "depends_on": [
                        "aws_route_table.natdc.*",
                        "aws_vpc_peering_connection.infra"
                    ],
                    "primary": {
                        "id": "r-rtb-cc538caa2599437051",
                        "attributes": {
                            "destination_cidr_block": "10.127.48.7/32",
                            "destination_prefix_list_id": "",
                            "egress_only_gateway_id": "",
                            "gateway_id": "",
                            "id": "r-rtb-cc538caa2599437051",
                            "instance_id": "",
                            "instance_owner_id": "",
                            "nat_gateway_id": "",
                            "network_interface_id": "",
                            "origin": "CreateRoute",
                            "route_table_id": "rtb-cc538caa",
                            "state": "active",
                            "vpc_peering_connection_id": "pcx-296ec440"
                        },
                        "meta": {},
                        "tainted": false
                    },
                    "deposed": [],
                    "provider": ""
                },
                "aws_route.bastion_private": {
                    "type": "aws_route",
                    "depends_on": [
                        "aws_route_table.private",
                        "aws_vpc_peering_connection.infra"
                    ],
                    "primary": {
                        "id": "r-rtb-f908949d2599437051",
                        "attributes": {
                            "destination_cidr_block": "10.127.48.7/32",
                            "destination_prefix_list_id": "",
                            "egress_only_gateway_id": "",
                            "gateway_id": "",
                            "id": "r-rtb-f908949d2599437051",
                            "instance_id": "",
                            "instance_owner_id": "",
                            "nat_gateway_id": "",
                            "network_interface_id": "",
                            "origin": "CreateRoute",
                            "route_table_id": "rtb-f908949d",
                            "state": "active",
                            "vpc_peering_connection_id": "pcx-296ec440"
                        },
                        "meta": {},
                        "tainted": false
                    },
                    "deposed": [],
                    "provider": ""
                },
                "aws_route.bastion_public": {
                    "type": "aws_route",
                    "depends_on": [
                        "aws_route_table.public",
                        "aws_vpc_peering_connection.infra"
                    ],
                    "primary": {
                        "id": "r-rtb-fa08949e2599437051",
                        "attributes": {
                            "destination_cidr_block": "10.127.48.7/32",
                            "destination_prefix_list_id": "",
                            "egress_only_gateway_id": "",
                            "gateway_id": "",
                            "id": "r-rtb-fa08949e2599437051",
                            "instance_id": "",
                            "instance_owner_id": "",
                            "nat_gateway_id": "",
                            "network_interface_id": "",
                            "origin": "CreateRoute",
                            "route_table_id": "rtb-fa08949e",
                            "state": "active",
                            "vpc_peering_connection_id": "pcx-296ec440"
                        },
                        "meta": {},
                        "tainted": false
                    },
                    "deposed": [],
                    "provider": ""
                },
                "aws_route.infra_natdc.0": {
                    "type": "aws_route",
                    "depends_on": [
                        "aws_vpc_peering_connection.infra"
                    ],
                    "primary": {
                        "id": "r-rtb-6ae4730e1053495740",
                        "attributes": {
                            "destination_cidr_block": "10.126.8.0/22",
                            "destination_prefix_list_id": "",
                            "egress_only_gateway_id": "",
                            "gateway_id": "",
                            "id": "r-rtb-6ae4730e1053495740",
                            "instance_id": "",
                            "instance_owner_id": "",
                            "nat_gateway_id": "",
                            "network_interface_id": "",
                            "origin": "CreateRoute",
                            "route_table_id": "rtb-6ae4730e",
                            "state": "active",
                            "vpc_peering_connection_id": "pcx-296ec440"
                        }
                    }
                },
                "aws_route.infra_natdc.1": {
                    "type": "aws_route",
                    "depends_on": [
                        "aws_vpc_peering_connection.infra"
                    ],
                    "primary": {
                        "id": "r-rtb-f857889e1053495740",
                        "attributes": {
                            "destination_cidr_block": "10.126.8.0/22",
                            "destination_prefix_list_id": "",
                            "egress_only_gateway_id": "",
                            "gateway_id": "",
                            "id": "r-rtb-f857889e1053495740",
                            "instance_id": "",
                            "instance_owner_id": "",
                            "nat_gateway_id": "",
                            "network_interface_id": "",
                            "origin": "CreateRoute",
                            "route_table_id": "rtb-f857889e",
                            "state": "active",
                            "vpc_peering_connection_id": "pcx-296ec440"
                        },
                        "meta": {},
                        "tainted": false
                    },
                    "deposed": [],
                    "provider": ""
                },
                "aws_route.infra_natdc.2": {
                    "type": "aws_route",
                    "depends_on": [
                        "aws_vpc_peering_connection.infra"
                    ],
                    "primary": {
                        "id": "r-rtb-94558af21053495740",
                        "attributes": {
                            "destination_cidr_block": "10.126.8.0/22",
                            "destination_prefix_list_id": "",
                            "egress_only_gateway_id": "",
                            "gateway_id": "",
                            "id": "r-rtb-94558af21053495740",
                            "instance_id": "",
                            "instance_owner_id": "",
                            "nat_gateway_id": "",
                            "network_interface_id": "",
                            "origin": "CreateRoute",
                            "route_table_id": "rtb-94558af2",
                            "state": "active",
                            "vpc_peering_connection_id": "pcx-296ec440"
                        },
                        "meta": {},
                        "tainted": false
                    },
                    "deposed": [],
                    "provider": ""
                },
                "aws_route.infra_private": {
                    "type": "aws_route",
                    "depends_on": [
                        "aws_vpc_peering_connection.infra"
                    ],
                    "primary": {
                        "id": "r-rtb-c9e572ad1053495740",
                        "attributes": {
                            "destination_cidr_block": "10.126.8.0/22",
                            "destination_prefix_list_id": "",
                            "egress_only_gateway_id": "",
                            "gateway_id": "",
                            "id": "r-rtb-c9e572ad1053495740",
                            "instance_id": "",
                            "instance_owner_id": "",
                            "nat_gateway_id": "",
                            "network_interface_id": "",
                            "origin": "CreateRoute",
                            "route_table_id": "rtb-c9e572ad",
                            "state": "active",
                            "vpc_peering_connection_id": "pcx-296ec440"
                        }
                    }
                },
                "aws_route.infra_public": {
                    "type": "aws_route",
                    "depends_on": [
                        "aws_vpc_peering_connection.infra"
                    ],
                    "primary": {
                        "id": "r-rtb-cbe572af1053495740",
                        "attributes": {
                            "destination_cidr_block": "10.126.8.0/22",
                            "destination_prefix_list_id": "",
                            "egress_only_gateway_id": "",
                            "gateway_id": "",
                            "id": "r-rtb-cbe572af1053495740",
                            "instance_id": "",
                            "instance_owner_id": "",
                            "nat_gateway_id": "",
                            "network_interface_id": "",
                            "origin": "CreateRoute",
                            "route_table_id": "rtb-cbe572af",
                            "state": "active",
                            "vpc_peering_connection_id": "pcx-296ec440"
                        },
                        "meta": {},
                        "tainted": false
                    },
                    "deposed": [],
                    "provider": ""
                },
                "aws_route.microservices_jcx_natdc.0": {
                    "type": "aws_route",
                    "depends_on": [
                        "aws_route_table.natdc.*"
                    ],
                    "primary": {
                        "id": "r-rtb-630995071526251058",
                        "attributes": {
                            "destination_cidr_block": "10.122.64.0/20",
                            "destination_prefix_list_id": "",
                            "egress_only_gateway_id": "",
                            "gateway_id": "",
                            "id": "r-rtb-630995071526251058",
                            "instance_id": "",
                            "instance_owner_id": "",
                            "nat_gateway_id": "",
                            "network_interface_id": "",
                            "origin": "CreateRoute",
                            "route_table_id": "rtb-63099507",
                            "state": "active",
                            "vpc_peering_connection_id": "pcx-53be3a3a"
                        },
                        "meta": {},
                        "tainted": false
                    },
                    "deposed": [],
                    "provider": ""
                },
                "aws_route.microservices_jcx_natdc.1": {
                    "type": "aws_route",
                    "depends_on": [
                        "aws_route_table.natdc.*"
                    ],
                    "primary": {
                        "id": "r-rtb-58538c3e1526251058",
                        "attributes": {
                            "destination_cidr_block": "10.122.64.0/20",
                            "destination_prefix_list_id": "",
                            "egress_only_gateway_id": "",
                            "gateway_id": "",
                            "id": "r-rtb-58538c3e1526251058",
                            "instance_id": "",
                            "instance_owner_id": "",
                            "nat_gateway_id": "",
                            "network_interface_id": "",
                            "origin": "CreateRoute",
                            "route_table_id": "rtb-58538c3e",
                            "state": "active",
                            "vpc_peering_connection_id": "pcx-53be3a3a"
                        },
                        "meta": {},
                        "tainted": false
                    },
                    "deposed": [],
                    "provider": ""
                },
                "aws_route.microservices_jcx_natdc.2": {
                    "type": "aws_route",
                    "depends_on": [
                        "aws_route_table.natdc.*"
                    ],
                    "primary": {
                        "id": "r-rtb-cc538caa1526251058",
                        "attributes": {
                            "destination_cidr_block": "10.122.64.0/20",
                            "destination_prefix_list_id": "",
                            "egress_only_gateway_id": "",
                            "gateway_id": "",
                            "id": "r-rtb-cc538caa1526251058",
                            "instance_id": "",
                            "instance_owner_id": "",
                            "nat_gateway_id": "",
                            "network_interface_id": "",
                            "origin": "CreateRoute",
                            "route_table_id": "rtb-cc538caa",
                            "state": "active",
                            "vpc_peering_connection_id": "pcx-53be3a3a"
                        },
                        "meta": {},
                        "tainted": false
                    },
                    "deposed": [],
                    "provider": ""
                },
                "aws_route.microservices_jcx_private": {
                    "type": "aws_route",
                    "depends_on": [
                        "aws_route_table.private"
                    ],
                    "primary": {
                        "id": "r-rtb-f908949d1526251058",
                        "attributes": {
                            "destination_cidr_block": "10.122.64.0/20",
                            "destination_prefix_list_id": "",
                            "egress_only_gateway_id": "",
                            "gateway_id": "",
                            "id": "r-rtb-f908949d1526251058",
                            "instance_id": "",
                            "instance_owner_id": "",
                            "nat_gateway_id": "",
                            "network_interface_id": "",
                            "origin": "CreateRoute",
                            "route_table_id": "rtb-f908949d",
                            "state": "active",
                            "vpc_peering_connection_id": "pcx-53be3a3a"
                        },
                        "meta": {},
                        "tainted": false
                    },
                    "deposed": [],
                    "provider": ""
                },
                "aws_route.microservices_jcx_public": {
                    "type": "aws_route",
                    "depends_on": [
                        "aws_route_table.public"
                    ],
                    "primary": {
                        "id": "r-rtb-fa08949e1526251058",
                        "attributes": {
                            "destination_cidr_block": "10.122.64.0/20",
                            "destination_prefix_list_id": "",
                            "egress_only_gateway_id": "",
                            "gateway_id": "",
                            "id": "r-rtb-fa08949e1526251058",
                            "instance_id": "",
                            "instance_owner_id": "",
                            "nat_gateway_id": "",
                            "network_interface_id": "",
                            "origin": "CreateRoute",
                            "route_table_id": "rtb-fa08949e",
                            "state": "active",
                            "vpc_peering_connection_id": "pcx-53be3a3a"
                        },
                        "meta": {},
                        "tainted": false
                    },
                    "deposed": [],
                    "provider": ""
                },
                "aws_route.microservices_natdc.0": {
                    "type": "aws_route",
                    "depends_on": [
                        "aws_route_table.natdc.*"
                    ],
                    "primary": {
                        "id": "r-rtb-630995072125723008",
                        "attributes": {
                            "destination_cidr_block": "10.124.0.0/20",
                            "destination_prefix_list_id": "",
                            "egress_only_gateway_id": "",
                            "gateway_id": "",
                            "id": "r-rtb-630995072125723008",
                            "instance_id": "",
                            "instance_owner_id": "",
                            "nat_gateway_id": "",
                            "network_interface_id": "",
                            "origin": "CreateRoute",
                            "route_table_id": "rtb-63099507",
                            "state": "active",
                            "vpc_peering_connection_id": "pcx-6152e808"
                        },
                        "meta": {},
                        "tainted": false
                    },
                    "deposed": [],
                    "provider": ""
                },
                "aws_route.microservices_natdc.1": {
                    "type": "aws_route",
                    "depends_on": [
                        "aws_route_table.natdc.*"
                    ],
                    "primary": {
                        "id": "r-rtb-58538c3e2125723008",
                        "attributes": {
                            "destination_cidr_block": "10.124.0.0/20",
                            "destination_prefix_list_id": "",
                            "egress_only_gateway_id": "",
                            "gateway_id": "",
                            "id": "r-rtb-58538c3e2125723008",
                            "instance_id": "",
                            "instance_owner_id": "",
                            "nat_gateway_id": "",
                            "network_interface_id": "",
                            "origin": "CreateRoute",
                            "route_table_id": "rtb-58538c3e",
                            "state": "active",
                            "vpc_peering_connection_id": "pcx-6152e808"
                        },
                        "meta": {},
                        "tainted": false
                    },
                    "deposed": [],
                    "provider": ""
                },
                "aws_route.microservices_natdc.2": {
                    "type": "aws_route",
                    "depends_on": [
                        "aws_route_table.natdc.*"
                    ],
                    "primary": {
                        "id": "r-rtb-cc538caa2125723008",
                        "attributes": {
                            "destination_cidr_block": "10.124.0.0/20",
                            "destination_prefix_list_id": "",
                            "egress_only_gateway_id": "",
                            "gateway_id": "",
                            "id": "r-rtb-cc538caa2125723008",
                            "instance_id": "",
                            "instance_owner_id": "",
                            "nat_gateway_id": "",
                            "network_interface_id": "",
                            "origin": "CreateRoute",
                            "route_table_id": "rtb-cc538caa",
                            "state": "active",
                            "vpc_peering_connection_id": "pcx-6152e808"
                        },
                        "meta": {},
                        "tainted": false
                    },
                    "deposed": [],
                    "provider": ""
                },
                "aws_route.microservices_private": {
                    "type": "aws_route",
                    "depends_on": [
                        "aws_route_table.private"
                    ],
                    "primary": {
                        "id": "r-rtb-f908949d2125723008",
                        "attributes": {
                            "destination_cidr_block": "10.124.0.0/20",
                            "destination_prefix_list_id": "",
                            "egress_only_gateway_id": "",
                            "gateway_id": "",
                            "id": "r-rtb-f908949d2125723008",
                            "instance_id": "",
                            "instance_owner_id": "",
                            "nat_gateway_id": "",
                            "network_interface_id": "",
                            "origin": "CreateRoute",
                            "route_table_id": "rtb-f908949d",
                            "state": "active",
                            "vpc_peering_connection_id": "pcx-6152e808"
                        },
                        "meta": {},
                        "tainted": false
                    },
                    "deposed": [],
                    "provider": ""
                },
                "aws_route.microservices_public": {
                    "type": "aws_route",
                    "depends_on": [
                        "aws_route_table.public"
                    ],
                    "primary": {
                        "id": "r-rtb-fa08949e2125723008",
                        "attributes": {
                            "destination_cidr_block": "10.124.0.0/20",
                            "destination_prefix_list_id": "",
                            "egress_only_gateway_id": "",
                            "gateway_id": "",
                            "id": "r-rtb-fa08949e2125723008",
                            "instance_id": "",
                            "instance_owner_id": "",
                            "nat_gateway_id": "",
                            "network_interface_id": "",
                            "origin": "CreateRoute",
                            "route_table_id": "rtb-fa08949e",
                            "state": "active",
                            "vpc_peering_connection_id": "pcx-6152e808"
                        },
                        "meta": {},
                        "tainted": false
                    },
                    "deposed": [],
                    "provider": ""
                },
                "aws_route53_zone_association.route53": {
                    "type": "aws_route53_zone_association",
                    "depends_on": [
                        "aws_vpc.main"
                    ],
                    "primary": {
                        "id": "Z17UOFXP4LI2IE:vpc-651aaf01",
                        "attributes": {
                            "id": "Z17UOFXP4LI2IE:vpc-651aaf01",
                            "vpc_id": "vpc-651aaf01",
                            "vpc_region": "us-west-2",
                            "zone_id": "Z17UOFXP4LI2IE"
                        }
                    }
                },
                "aws_route_table.natdc.0": {
                    "type": "aws_route_table",
                    "depends_on": [
                        "aws_nat_gateway.natgw",
                        "aws_vpc.main",
                        "aws_vpc_peering_connection.infra",
                        "aws_vpn_gateway.vgw"
                    ],
                    "primary": {
                        "id": "rtb-63099507",
                        "attributes": {
                            "id": "rtb-63099507",
                            "propagating_vgws.#": "1",
                            "propagating_vgws.4264341185": "vgw-96a27b88",
                            "route.#": "5",
                            "route.1642982715.cidr_block": "10.124.0.0/20",
                            "route.1642982715.egress_only_gateway_id": "",
                            "route.1642982715.gateway_id": "",
                            "route.1642982715.instance_id": "",
                            "route.1642982715.ipv6_cidr_block": "",
                            "route.1642982715.nat_gateway_id": "",
                            "route.1642982715.network_interface_id": "",
                            "route.1642982715.vpc_peering_connection_id": "pcx-6152e808",
                            "route.2274343521.cidr_block": "10.122.64.0/20",
                            "route.2274343521.egress_only_gateway_id": "",
                            "route.2274343521.gateway_id": "",
                            "route.2274343521.instance_id": "",
                            "route.2274343521.ipv6_cidr_block": "",
                            "route.2274343521.nat_gateway_id": "",
                            "route.2274343521.network_interface_id": "",
                            "route.2274343521.vpc_peering_connection_id": "pcx-53be3a3a",
                            "route.3212411542.cidr_block": "0.0.0.0/0",
                            "route.3212411542.egress_only_gateway_id": "",
                            "route.3212411542.gateway_id": "",
                            "route.3212411542.instance_id": "",
                            "route.3212411542.ipv6_cidr_block": "",
                            "route.3212411542.nat_gateway_id": "nat-0f6638e68d524363a",
                            "route.3212411542.network_interface_id": "",
                            "route.3212411542.vpc_peering_connection_id": "",
                            "route.3421901886.cidr_block": "10.127.48.7/32",
                            "route.3421901886.egress_only_gateway_id": "",
                            "route.3421901886.gateway_id": "",
                            "route.3421901886.instance_id": "",
                            "route.3421901886.ipv6_cidr_block": "",
                            "route.3421901886.nat_gateway_id": "",
                            "route.3421901886.network_interface_id": "",
                            "route.3421901886.vpc_peering_connection_id": "pcx-296ec440",
                            "route.3719606524.cidr_block": "10.122.0.0/20",
                            "route.3719606524.egress_only_gateway_id": "",
                            "route.3719606524.gateway_id": "",
                            "route.3719606524.instance_id": "",
                            "route.3719606524.ipv6_cidr_block": "",
                            "route.3719606524.nat_gateway_id": "",
                            "route.3719606524.network_interface_id": "",
                            "route.3719606524.vpc_peering_connection_id": "pcx-6152e808",
                            "tags.%": "5",
                            "tags.Name": "release-natdc-routetable",
                            "tags.account_name": "jive-reco-pipeline",
                            "tags.pipeline_phase": "release",
                            "tags.region": "us-west-2",
                            "tags.sla": "non-prod",
                            "vpc_id": "vpc-651aaf01"
                        },
                        "meta": {},
                        "tainted": false
                    },
                    "deposed": [],
                    "provider": ""
                },
                "aws_route_table.natdc.1": {
                    "type": "aws_route_table",
                    "depends_on": [
                        "aws_nat_gateway.natgw.*",
                        "aws_vpc.main",
                        "aws_vpn_gateway.vgw"
                    ],
                    "primary": {
                        "id": "rtb-58538c3e",
                        "attributes": {
                            "id": "rtb-58538c3e",
                            "propagating_vgws.#": "1",
                            "propagating_vgws.4264341185": "vgw-96a27b88",
                            "route.#": "1",
                            "route.1013652093.cidr_block": "0.0.0.0/0",
                            "route.1013652093.egress_only_gateway_id": "",
                            "route.1013652093.gateway_id": "",
                            "route.1013652093.instance_id": "",
                            "route.1013652093.ipv6_cidr_block": "",
                            "route.1013652093.nat_gateway_id": "nat-08f2fc97dff9e3163",
                            "route.1013652093.network_interface_id": "",
                            "route.1013652093.vpc_peering_connection_id": "",
                            "tags.%": "5",
                            "tags.Name": "release-natdc-routetable",
                            "tags.account_name": "jive-reco-pipeline",
                            "tags.pipeline_phase": "release",
                            "tags.region": "us-west-2",
                            "tags.sla": "non-prod",
                            "vpc_id": "vpc-651aaf01"
                        },
                        "meta": {},
                        "tainted": false
                    },
                    "deposed": [],
                    "provider": ""
                },
                "aws_route_table.natdc.2": {
                    "type": "aws_route_table",
                    "depends_on": [
                        "aws_nat_gateway.natgw.*",
                        "aws_vpc.main",
                        "aws_vpn_gateway.vgw"
                    ],
                    "primary": {
                        "id": "rtb-cc538caa",
                        "attributes": {
                            "id": "rtb-cc538caa",
                            "propagating_vgws.#": "1",
                            "propagating_vgws.4264341185": "vgw-96a27b88",
                            "route.#": "1",
                            "route.990368944.cidr_block": "0.0.0.0/0",
                            "route.990368944.egress_only_gateway_id": "",
                            "route.990368944.gateway_id": "",
                            "route.990368944.instance_id": "",
                            "route.990368944.ipv6_cidr_block": "",
                            "route.990368944.nat_gateway_id": "nat-02262df0d6d060b48",
                            "route.990368944.network_interface_id": "",
                            "route.990368944.vpc_peering_connection_id": "",
                            "tags.%": "5",
                            "tags.Name": "release-natdc-routetable",
                            "tags.Pipeline_phase": "release",
                            "tags.Region": "us-west-2",
                            "tags.SLA": "non-prod",
                            "vpc_id": "vpc-651aaf01"
                        }
                    }
                },
                "aws_route_table.private": {
                    "type": "aws_route_table",
                    "depends_on": [
                        "aws_vpc.main",
                        "aws_vpc_peering_connection.infra"
                    ],
                    "primary": {
                        "id": "rtb-f908949d",
                        "attributes": {
                            "id": "rtb-f908949d",
                            "propagating_vgws.#": "0",
                            "route.#": "4",
                            "route.1642982715.cidr_block": "10.124.0.0/20",
                            "route.1642982715.egress_only_gateway_id": "",
                            "route.1642982715.gateway_id": "",
                            "route.1642982715.instance_id": "",
                            "route.1642982715.ipv6_cidr_block": "",
                            "route.1642982715.nat_gateway_id": "",
                            "route.1642982715.network_interface_id": "",
                            "route.1642982715.vpc_peering_connection_id": "pcx-6152e808",
                            "route.2274343521.cidr_block": "10.122.64.0/20",
                            "route.2274343521.egress_only_gateway_id": "",
                            "route.2274343521.gateway_id": "",
                            "route.2274343521.instance_id": "",
                            "route.2274343521.ipv6_cidr_block": "",
                            "route.2274343521.nat_gateway_id": "",
                            "route.2274343521.network_interface_id": "",
                            "route.2274343521.vpc_peering_connection_id": "pcx-53be3a3a",
                            "route.3421901886.cidr_block": "10.127.48.7/32",
                            "route.3421901886.egress_only_gateway_id": "",
                            "route.3421901886.gateway_id": "",
                            "route.3421901886.instance_id": "",
                            "route.3421901886.ipv6_cidr_block": "",
                            "route.3421901886.nat_gateway_id": "",
                            "route.3421901886.network_interface_id": "",
                            "route.3421901886.vpc_peering_connection_id": "pcx-296ec440",
                            "route.3719606524.cidr_block": "10.122.0.0/20",
                            "route.3719606524.egress_only_gateway_id": "",
                            "route.3719606524.gateway_id": "",
                            "route.3719606524.instance_id": "",
                            "route.3719606524.ipv6_cidr_block": "",
                            "route.3719606524.nat_gateway_id": "",
                            "route.3719606524.network_interface_id": "",
                            "route.3719606524.vpc_peering_connection_id": "pcx-6152e808",
                            "tags.%": "5",
                            "tags.Name": "release-private-routetable",
                            "tags.Pipeline_phase": "release",
                            "tags.Region": "us-west-2",
                            "tags.SLA": "non-prod",
                            "vpc_id": "vpc-651aaf01"
                        }
                    }
                },
                "aws_route_table.public": {
                    "type": "aws_route_table",
                    "depends_on": [
                        "aws_internet_gateway.igw",
                        "aws_vpc.main",
                        "aws_vpc_peering_connection.infra"
                    ],
                    "primary": {
                        "id": "rtb-fa08949e",
                        "attributes": {
                            "id": "rtb-fa08949e",
                            "propagating_vgws.#": "0",
                            "route.#": "5",
                            "route.1459473899.cidr_block": "0.0.0.0/0",
                            "route.1459473899.egress_only_gateway_id": "",
                            "route.1459473899.gateway_id": "igw-4ed9de2b",
                            "route.1459473899.instance_id": "",
                            "route.1459473899.ipv6_cidr_block": "",
                            "route.1459473899.nat_gateway_id": "",
                            "route.1459473899.network_interface_id": "",
                            "route.1459473899.vpc_peering_connection_id": "",
                            "route.1642982715.cidr_block": "10.124.0.0/20",
                            "route.1642982715.egress_only_gateway_id": "",
                            "route.1642982715.gateway_id": "",
                            "route.1642982715.instance_id": "",
                            "route.1642982715.ipv6_cidr_block": "",
                            "route.1642982715.nat_gateway_id": "",
                            "route.1642982715.network_interface_id": "",
                            "route.1642982715.vpc_peering_connection_id": "pcx-6152e808",
                            "route.2274343521.cidr_block": "10.122.64.0/20",
                            "route.2274343521.egress_only_gateway_id": "",
                            "route.2274343521.gateway_id": "",
                            "route.2274343521.instance_id": "",
                            "route.2274343521.ipv6_cidr_block": "",
                            "route.2274343521.nat_gateway_id": "",
                            "route.2274343521.network_interface_id": "",
                            "route.2274343521.vpc_peering_connection_id": "pcx-53be3a3a",
                            "route.3421901886.cidr_block": "10.127.48.7/32",
                            "route.3421901886.egress_only_gateway_id": "",
                            "route.3421901886.gateway_id": "",
                            "route.3421901886.instance_id": "",
                            "route.3421901886.ipv6_cidr_block": "",
                            "route.3421901886.nat_gateway_id": "",
                            "route.3421901886.network_interface_id": "",
                            "route.3421901886.vpc_peering_connection_id": "pcx-296ec440",
                            "route.3719606524.cidr_block": "10.122.0.0/20",
                            "route.3719606524.egress_only_gateway_id": "",
                            "route.3719606524.gateway_id": "",
                            "route.3719606524.instance_id": "",
                            "route.3719606524.ipv6_cidr_block": "",
                            "route.3719606524.nat_gateway_id": "",
                            "route.3719606524.network_interface_id": "",
                            "route.3719606524.vpc_peering_connection_id": "pcx-6152e808",
                            "tags.%": "6",
                            "tags.KubernetesCluster": "us-west-2_jive-reco-pipeline",
                            "tags.Name": "release-public-routetable",
                            "tags.Pipeline_phase": "release",
                            "tags.Region": "us-west-2",
                            "tags.SLA": "non-prod",
                            "vpc_id": "vpc-651aaf01"
                        }
                    }
                },
                "aws_route_table_association.natdc.0": {
                    "type": "aws_route_table_association",
                    "depends_on": [
                        "aws_route_table.natdc.*",
                        "aws_subnet.natdc.*"
                    ],
                    "primary": {
                        "id": "rtbassoc-952e2ef1",
                        "attributes": {
                            "id": "rtbassoc-952e2ef1",
                            "route_table_id": "rtb-63099507",
                            "subnet_id": "subnet-a63bf1d0"
                        }
                    }
                },
                "aws_route_table_association.natdc.1": {
                    "type": "aws_route_table_association",
                    "depends_on": [
                        "aws_route_table.natdc.*",
                        "aws_subnet.natdc.*"
                    ],
                    "primary": {
                        "id": "rtbassoc-ac9c56d5",
                        "attributes": {
                            "id": "rtbassoc-ac9c56d5",
                            "route_table_id": "rtb-58538c3e",
                            "subnet_id": "subnet-74baa02d"
                        }
                    }
                },
                "aws_route_table_association.natdc.2": {
                    "type": "aws_route_table_association",
                    "depends_on": [
                        "aws_route_table.natdc.*",
                        "aws_subnet.natdc.*"
                    ],
                    "primary": {
                        "id": "rtbassoc-c49852bd",
                        "attributes": {
                            "id": "rtbassoc-c49852bd",
                            "route_table_id": "rtb-cc538caa",
                            "subnet_id": "subnet-0af9496e"
                        }
                    }
                },
                "aws_route_table_association.private.0": {
                    "type": "aws_route_table_association",
                    "depends_on": [
                        "aws_route_table.private",
                        "aws_subnet.private"
                    ],
                    "primary": {
                        "id": "rtbassoc-0d2e2e69",
                        "attributes": {
                            "id": "rtbassoc-0d2e2e69",
                            "route_table_id": "rtb-f908949d",
                            "subnet_id": "subnet-09f9496d"
                        }
                    }
                },
                "aws_route_table_association.private.1": {
                    "type": "aws_route_table_association",
                    "depends_on": [
                        "aws_route_table.private",
                        "aws_subnet.private"
                    ],
                    "primary": {
                        "id": "rtbassoc-0e2e2e6a",
                        "attributes": {
                            "id": "rtbassoc-0e2e2e6a",
                            "route_table_id": "rtb-f908949d",
                            "subnet_id": "subnet-a43bf1d2"
                        }
                    }
                },
                "aws_route_table_association.private.2": {
                    "type": "aws_route_table_association",
                    "depends_on": [
                        "aws_route_table.private",
                        "aws_subnet.private"
                    ],
                    "primary": {
                        "id": "rtbassoc-0f2e2e6b",
                        "attributes": {
                            "id": "rtbassoc-0f2e2e6b",
                            "route_table_id": "rtb-f908949d",
                            "subnet_id": "subnet-75baa02c"
                        }
                    }
                },
                "aws_route_table_association.public.0": {
                    "type": "aws_route_table_association",
                    "depends_on": [
                        "aws_route_table.public",
                        "aws_subnet.public"
                    ],
                    "primary": {
                        "id": "rtbassoc-0b2e2e6f",
                        "attributes": {
                            "id": "rtbassoc-0b2e2e6f",
                            "route_table_id": "rtb-fa08949e",
                            "subnet_id": "subnet-15f94971"
                        }
                    }
                },
                "aws_route_table_association.public.1": {
                    "type": "aws_route_table_association",
                    "depends_on": [
                        "aws_route_table.public",
                        "aws_subnet.public"
                    ],
                    "primary": {
                        "id": "rtbassoc-092e2e6d",
                        "attributes": {
                            "id": "rtbassoc-092e2e6d",
                            "route_table_id": "rtb-fa08949e",
                            "subnet_id": "subnet-a53bf1d3"
                        }
                    }
                },
                "aws_route_table_association.public.2": {
                    "type": "aws_route_table_association",
                    "depends_on": [
                        "aws_route_table.public",
                        "aws_subnet.public"
                    ],
                    "primary": {
                        "id": "rtbassoc-0a2e2e6e",
                        "attributes": {
                            "id": "rtbassoc-0a2e2e6e",
                            "route_table_id": "rtb-fa08949e",
                            "subnet_id": "subnet-72baa02b"
                        }
                    }
                },
                "aws_security_group.admin_instance": {
                    "type": "aws_security_group",
                    "depends_on": [
                        "aws_vpc.main"
                    ],
                    "primary": {
                        "id": "sg-0da3b66a",
                        "attributes": {
                            "description": "Admin instances for the VPC",
                            "egress.#": "0",
                            "id": "sg-0da3b66a",
                            "ingress.#": "0",
                            "name": "release-admin-instance",
                            "owner_id": "642745549043",
                            "tags.#": "5",
                            "tags.Account_name": "jive-reco-pipeline",
                            "tags.Name": "release-admin-instance",
                            "tags.Pipeline_phase": "release",
                            "tags.Region": "us-west-2",
                            "tags.SLA": "non-prod",
                            "vpc_id": "vpc-651aaf01"
                        }
                    }
                },
                "aws_security_group.env_instance": {
                    "type": "aws_security_group",
                    "depends_on": [
                        "aws_security_group.admin_instance",
                        "aws_vpc.main"
                    ],
                    "primary": {
                        "id": "sg-17a3b670",
                        "attributes": {
                            "description": "All instances within the evironment",
                            "egress.#": "1",
                            "egress.482069346.cidr_blocks.#": "1",
                            "egress.482069346.cidr_blocks.0": "0.0.0.0/0",
                            "egress.482069346.from_port": "0",
                            "egress.482069346.ipv6_cidr_blocks.#": "0",
                            "egress.482069346.prefix_list_ids.#": "0",
                            "egress.482069346.protocol": "-1",
                            "egress.482069346.security_groups.#": "0",
                            "egress.482069346.self": "false",
                            "egress.482069346.to_port": "0",
                            "id": "sg-17a3b670",
                            "ingress.#": "4",
                            "ingress.1286370410.cidr_blocks.#": "0",
                            "ingress.1286370410.from_port": "22",
                            "ingress.1286370410.ipv6_cidr_blocks.#": "0",
                            "ingress.1286370410.protocol": "tcp",
                            "ingress.1286370410.security_groups.#": "1",
                            "ingress.1286370410.security_groups.2445262032": "sg-0da3b66a",
                            "ingress.1286370410.self": "false",
                            "ingress.1286370410.to_port": "22",
                            "ingress.179083333.cidr_blocks.#": "1",
                            "ingress.179083333.cidr_blocks.0": "10.0.0.0/8",
                            "ingress.179083333.from_port": "22",
                            "ingress.179083333.ipv6_cidr_blocks.#": "0",
                            "ingress.179083333.protocol": "tcp",
                            "ingress.179083333.security_groups.#": "0",
                            "ingress.179083333.self": "false",
                            "ingress.179083333.to_port": "22",
                            "ingress.3280021429.cidr_blocks.#": "1",
                            "ingress.3280021429.cidr_blocks.0": "10.0.0.0/8",
                            "ingress.3280021429.from_port": "8",
                            "ingress.3280021429.ipv6_cidr_blocks.#": "0",
                            "ingress.3280021429.protocol": "icmp",
                            "ingress.3280021429.security_groups.#": "0",
                            "ingress.3280021429.self": "false",
                            "ingress.3280021429.to_port": "0",
                            "ingress.4057508809.cidr_blocks.#": "0",
                            "ingress.4057508809.from_port": "8",
                            "ingress.4057508809.ipv6_cidr_blocks.#": "0",
                            "ingress.4057508809.protocol": "icmp",
                            "ingress.4057508809.security_groups.#": "1",
                            "ingress.4057508809.security_groups.2445262032": "sg-0da3b66a",
                            "ingress.4057508809.self": "false",
                            "ingress.4057508809.to_port": "0",
                            "name": "release-instance",
                            "owner_id": "642745549043",
                            "tags.#": "5",
                            "tags.Account_name": "jive-reco-pipeline",
                            "tags.Name": "release-instance",
                            "tags.Pipeline_phase": "release",
                            "tags.Region": "us-west-2",
                            "tags.SLA": "non-prod",
                            "vpc_id": "vpc-651aaf01"
                        }
                    }
                },
                "aws_security_group.natgw_instance": {
                    "type": "aws_security_group",
                    "depends_on": [
                        "aws_security_group.env_instance",
                        "aws_vpc.main"
                    ],
                    "primary": {
                        "id": "sg-10a3b677",
                        "attributes": {
                            "description": "Members of this SG are allowed to send any type of traffic to the NAT Box.",
                            "egress.#": "0",
                            "id": "sg-10a3b677",
                            "ingress.#": "1",
                            "ingress.1632053480.cidr_blocks.#": "0",
                            "ingress.1632053480.from_port": "0",
                            "ingress.1632053480.ipv6_cidr_blocks.#": "0",
                            "ingress.1632053480.protocol": "-1",
                            "ingress.1632053480.security_groups.#": "1",
                            "ingress.1632053480.security_groups.1247747911": "sg-17a3b670",
                            "ingress.1632053480.self": "false",
                            "ingress.1632053480.to_port": "0",
                            "name": "release-natgw-instance",
                            "owner_id": "642745549043",
                            "tags.#": "5",
                            "tags.Account_name": "jive-reco-pipeline",
                            "tags.Name": "release-natgw-instance",
                            "tags.Pipeline_phase": "release",
                            "tags.Region": "us-west-2",
                            "tags.SLA": "non-prod",
                            "vpc_id": "vpc-651aaf01"
                        }
                    }
                },
                "aws_subnet.natdc.0": {
                    "type": "aws_subnet",
                    "depends_on": [
                        "aws_vpc.main"
                    ],
                    "primary": {
                        "id": "subnet-0af9496e",
                        "attributes": {
                            "assign_ipv6_address_on_creation": "false",
                            "availability_zone": "us-west-2a",
                            "cidr_block": "10.126.8.0/24",
                            "id": "subnet-0af9496e",
                            "map_public_ip_on_launch": "false",
                            "tags.#": "5",
                            "tags.Account_name": "jive-reco-pipeline",
                            "tags.Name": "release-natdc-subnet",
                            "tags.Pipeline_phase": "release",
                            "tags.Region": "us-west-2",
                            "tags.SLA": "non-prod",
                            "vpc_id": "vpc-651aaf01"
                        }
                    }
                },
                "aws_subnet.natdc.1": {
                    "type": "aws_subnet",
                    "depends_on": [
                        "aws_vpc.main"
                    ],
                    "primary": {
                        "id": "subnet-a63bf1d0",
                        "attributes": {
                            "assign_ipv6_address_on_creation": "false",
                            "availability_zone": "us-west-2b",
                            "cidr_block": "10.126.9.0/24",
                            "id": "subnet-a63bf1d0",
                            "map_public_ip_on_launch": "false",
                            "tags.#": "5",
                            "tags.Account_name": "jive-reco-pipeline",
                            "tags.Name": "release-natdc-subnet",
                            "tags.Pipeline_phase": "release",
                            "tags.Region": "us-west-2",
                            "tags.SLA": "non-prod",
                            "vpc_id": "vpc-651aaf01"
                        }
                    }
                },
                "aws_subnet.natdc.2": {
                    "type": "aws_subnet",
                    "depends_on": [
                        "aws_vpc.main"
                    ],
                    "primary": {
                        "id": "subnet-74baa02d",
                        "attributes": {
                            "assign_ipv6_address_on_creation": "false",
                            "availability_zone": "us-west-2c",
                            "cidr_block": "10.126.10.0/24",
                            "id": "subnet-74baa02d",
                            "map_public_ip_on_launch": "false",
                            "tags.#": "5",
                            "tags.Account_name": "jive-reco-pipeline",
                            "tags.Name": "release-natdc-subnet",
                            "tags.Pipeline_phase": "release",
                            "tags.Region": "us-west-2",
                            "tags.SLA": "non-prod",
                            "vpc_id": "vpc-651aaf01"
                        }
                    }
                },
                "aws_subnet.private.0": {
                    "type": "aws_subnet",
                    "depends_on": [
                        "aws_vpc.main"
                    ],
                    "primary": {
                        "id": "subnet-09f9496d",
                        "attributes": {
                            "assign_ipv6_address_on_creation": "false",
                            "availability_zone": "us-west-2a",
                            "cidr_block": "10.126.11.96/27",
                            "id": "subnet-09f9496d",
                            "map_public_ip_on_launch": "false",
                            "tags.#": "5",
                            "tags.Account_name": "jive-reco-pipeline",
                            "tags.Name": "release-private-subnet",
                            "tags.Pipeline_phase": "release",
                            "tags.Region": "us-west-2",
                            "tags.SLA": "non-prod",
                            "vpc_id": "vpc-651aaf01"
                        }
                    }
                },
                "aws_subnet.private.1": {
                    "type": "aws_subnet",
                    "depends_on": [
                        "aws_vpc.main"
                    ],
                    "primary": {
                        "id": "subnet-a43bf1d2",
                        "attributes": {
                            "assign_ipv6_address_on_creation": "false",
                            "availability_zone": "us-west-2b",
                            "cidr_block": "10.126.11.128/27",
                            "id": "subnet-a43bf1d2",
                            "map_public_ip_on_launch": "false",
                            "tags.#": "5",
                            "tags.Account_name": "jive-reco-pipeline",
                            "tags.Name": "release-private-subnet",
                            "tags.Pipeline_phase": "release",
                            "tags.Region": "us-west-2",
                            "tags.SLA": "non-prod",
                            "vpc_id": "vpc-651aaf01"
                        }
                    }
                },
                "aws_subnet.private.2": {
                    "type": "aws_subnet",
                    "depends_on": [
                        "aws_vpc.main"
                    ],
                    "primary": {
                        "id": "subnet-75baa02c",
                        "attributes": {
                            "assign_ipv6_address_on_creation": "false",
                            "availability_zone": "us-west-2c",
                            "cidr_block": "10.126.11.160/27",
                            "id": "subnet-75baa02c",
                            "map_public_ip_on_launch": "false",
                            "tags.#": "5",
                            "tags.Account_name": "jive-reco-pipeline",
                            "tags.Name": "release-private-subnet",
                            "tags.Pipeline_phase": "release",
                            "tags.Region": "us-west-2",
                            "tags.SLA": "non-prod",
                            "vpc_id": "vpc-651aaf01"
                        }
                    }
                },
                "aws_subnet.public.0": {
                    "type": "aws_subnet",
                    "depends_on": [
                        "aws_vpc.main"
                    ],
                    "primary": {
                        "id": "subnet-15f94971",
                        "attributes": {
                            "assign_ipv6_address_on_creation": "false",
                            "availability_zone": "us-west-2a",
                            "cidr_block": "10.126.11.0/27",
                            "id": "subnet-15f94971",
                            "map_public_ip_on_launch": "false",
                            "tags.#": "6",
                            "tags.Account_name": "jive-reco-pipeline",
                            "tags.KubernetesCluster": "us-west-2_jive-reco-pipeline",
                            "tags.Name": "release-public-subnet",
                            "tags.Pipeline_phase": "release",
                            "tags.Region": "us-west-2",
                            "tags.SLA": "non-prod",
                            "vpc_id": "vpc-651aaf01"
                        }
                    }
                },
                "aws_subnet.public.1": {
                    "type": "aws_subnet",
                    "depends_on": [
                        "aws_vpc.main"
                    ],
                    "primary": {
                        "id": "subnet-a53bf1d3",
                        "attributes": {
                            "assign_ipv6_address_on_creation": "false",
                            "availability_zone": "us-west-2b",
                            "cidr_block": "10.126.11.32/27",
                            "id": "subnet-a53bf1d3",
                            "map_public_ip_on_launch": "false",
                            "tags.#": "6",
                            "tags.Account_name": "jive-reco-pipeline",
                            "tags.KubernetesCluster": "us-west-2_jive-reco-pipeline",
                            "tags.Name": "release-public-subnet",
                            "tags.Pipeline_phase": "release",
                            "tags.Region": "us-west-2",
                            "tags.SLA": "non-prod",
                            "vpc_id": "vpc-651aaf01"
                        }
                    }
                },
                "aws_subnet.public.2": {
                    "type": "aws_subnet",
                    "depends_on": [
                        "aws_vpc.main"
                    ],
                    "primary": {
                        "id": "subnet-72baa02b",
                        "attributes": {
                            "assign_ipv6_address_on_creation": "false",
                            "availability_zone": "us-west-2c",
                            "cidr_block": "10.126.11.64/27",
                            "id": "subnet-72baa02b",
                            "map_public_ip_on_launch": "false",
                            "tags.#": "6",
                            "tags.Account_name": "jive-reco-pipeline",
                            "tags.KubernetesCluster": "us-west-2_jive-reco-pipeline",
                            "tags.Name": "release-public-subnet",
                            "tags.Pipeline_phase": "release",
                            "tags.Region": "us-west-2",
                            "tags.SLA": "non-prod",
                            "vpc_id": "vpc-651aaf01"
                        }
                    }
                },
                "aws_vpc.main": {
                    "type": "aws_vpc",
                    "primary": {
                        "id": "vpc-651aaf01",
                        "attributes": {
                            "assign_generated_ipv6_cidr_block": "false",
                            "cidr_block": "10.126.8.0/22",
                            "default_network_acl_id": "acl-031c9a67",
                            "default_security_group_id": "sg-04a3b663",
                            "dhcp_options_id": "dopt-e7e2bf82",
                            "enable_classiclink": "false",
                            "enable_dns_hostnames": "true",
                            "enable_dns_support": "true",
                            "id": "vpc-651aaf01",
                            "instance_tenancy": "default",
                            "main_route_table_id": "rtb-f3089497",
                            "tags.#": "5",
                            "tags.Account_name": "jive-reco-pipeline",
                            "tags.Name": "release-vpc",
                            "tags.account_name": "jive-reco-pipeline",
                            "tags.pipeline_phase": "release",
                            "tags.region": "us-west-2",
                            "tags.sla": "non-prod"
                        },
                        "meta": {
                            "schema_version": "1"
                        },
                        "tainted": false
                    },
                    "deposed": [],
                    "provider": ""
                },
                "aws_vpc_peering_connection.infra": {
                    "type": "aws_vpc_peering_connection",
                    "depends_on": [
                        "aws_vpc.main"
                    ],
                    "primary": {
                        "id": "pcx-296ec440",
                        "attributes": {
                            "accept_status": "active",
                            "auto_accept": "true",
                            "id": "pcx-296ec440",
                            "peer_owner_id": "642745549043",
                            "peer_vpc_id": "vpc-c9bd12ad",
                            "tags.#": "5",
                            "tags.Account_name": "jive-reco-pipeline",
                            "tags.Name": "release_to_infra-jive-reco-pipeline",
                            "tags.Pipeline_phase": "release",
                            "tags.Region": "us-west-2",
                            "tags.SLA": "non-prod",
                            "vpc_id": "vpc-651aaf01"
                        }
                    }
                },
                "aws_vpn_gateway.vgw": {
                    "type": "aws_vpn_gateway",
                    "depends_on": [
                        "aws_vpc.main"
                    ],
                    "primary": {
                        "id": "vgw-96a27b88",
                        "attributes": {
                            "availability_zone": "",
                            "id": "vgw-96a27b88",
                            "tags.%": "7",
                            "tags.Name": "release-vgw",
                            "tags.account_name": "jive-reco-pipeline",
                            "tags.jive_service": "infrastructure",
                            "tags.pipeline_phase": "release",
                            "tags.region": "us-west-2",
                            "tags.service_component": "vpn_gateway",
                            "tags.sla": "non-prod",
                            "vpc_id": "vpc-651aaf01"
                        }
                    }
                }
            }
        }
    ]
}
