{
    "version": 3,
    "terraform_version": "0.7.13",
    "serial": 5,
    "lineage": "00f52f64-f621-4932-9a9e-07321e425185",
    "modules": [
        {
            "path": [
                "root"
            ],
            "outputs": {},
            "resources": {
                "aws_ebs_volume.upena_api_i1_v0": {
                    "type": "aws_ebs_volume",
                    "depends_on": [],
                    "primary": {
                        "id": "vol-0290cb83b3f5a29d9",
                        "attributes": {
                            "availability_zone": "us-west-2a",
                            "encrypted": "true",
                            "id": "vol-0290cb83b3f5a29d9",
                            "kms_key_id": "arn:aws:kms:us-west-2:870846026232:key/1ac4e3ea-b4c1-44b7-af4d-79aeb740a0c4",
                            "size": "500",
                            "snapshot_id": "",
                            "tags.%": "7",
                            "tags.Account_name": "jive-reco-prod",
                            "tags.Jive_service": "upena",
                            "tags.Name": "prod-upena-api-i1-v0",
                            "tags.Pipeline_phase": "prod",
                            "tags.Region": "us-west-2",
                            "tags.SLA": "prod",
                            "tags.Service_component": "upena-api",
                            "type": "st1"
                        },
                        "meta": {},
                        "tainted": false
                    },
                    "deposed": [],
                    "provider": ""
                },
                "aws_ebs_volume.upena_api_i2_v0": {
                    "type": "aws_ebs_volume",
                    "depends_on": [],
                    "primary": {
                        "id": "vol-003cf8ab7088228e9",
                        "attributes": {
                            "availability_zone": "us-west-2b",
                            "encrypted": "true",
                            "id": "vol-003cf8ab7088228e9",
                            "kms_key_id": "arn:aws:kms:us-west-2:870846026232:key/1ac4e3ea-b4c1-44b7-af4d-79aeb740a0c4",
                            "size": "500",
                            "snapshot_id": "",
                            "tags.%": "7",
                            "tags.Account_name": "jive-reco-prod",
                            "tags.Jive_service": "upena",
                            "tags.Name": "prod-upena-api-i2-v0",
                            "tags.Pipeline_phase": "prod",
                            "tags.Region": "us-west-2",
                            "tags.SLA": "prod",
                            "tags.Service_component": "upena-api",
                            "type": "st1"
                        },
                        "meta": {},
                        "tainted": false
                    },
                    "deposed": [],
                    "provider": ""
                },
                "aws_ebs_volume.upena_api_i3_v0": {
                    "type": "aws_ebs_volume",
                    "depends_on": [],
                    "primary": {
                        "id": "vol-0072a4aa83e921559",
                        "attributes": {
                            "availability_zone": "us-west-2c",
                            "encrypted": "true",
                            "id": "vol-0072a4aa83e921559",
                            "kms_key_id": "arn:aws:kms:us-west-2:870846026232:key/1ac4e3ea-b4c1-44b7-af4d-79aeb740a0c4",
                            "size": "500",
                            "snapshot_id": "",
                            "tags.%": "7",
                            "tags.Account_name": "jive-reco-prod",
                            "tags.Jive_service": "upena",
                            "tags.Name": "prod-upena-api-i3-v0",
                            "tags.Pipeline_phase": "prod",
                            "tags.Region": "us-west-2",
                            "tags.SLA": "prod",
                            "tags.Service_component": "upena-api",
                            "type": "st1"
                        },
                        "meta": {},
                        "tainted": false
                    },
                    "deposed": [],
                    "provider": ""
                },
                "aws_instance.upena_api_i1": {
                    "type": "aws_instance",
                    "depends_on": [
                        "aws_security_group.upena_api_sg"
                    ],
                    "primary": {
                        "id": "i-05c4261734ebfb360",
                        "attributes": {
                            "ami": "ami-1e299d7e",
                            "associate_public_ip_address": "false",
                            "availability_zone": "us-west-2a",
                            "disable_api_termination": "false",
                            "ebs_block_device.#": "1",
                            "ebs_block_device.2634515331.delete_on_termination": "false",
                            "ebs_block_device.2634515331.device_name": "/dev/sdd",
                            "ebs_block_device.2634515331.encrypted": "true",
                            "ebs_block_device.2634515331.iops": "0",
                            "ebs_block_device.2634515331.snapshot_id": "",
                            "ebs_block_device.2634515331.volume_size": "500",
                            "ebs_block_device.2634515331.volume_type": "st1",
                            "ebs_optimized": "true",
                            "ephemeral_block_device.#": "0",
                            "iam_instance_profile": "upena-profile",
                            "id": "i-05c4261734ebfb360",
                            "instance_state": "running",
                            "instance_type": "r4.xlarge",
                            "key_name": "reco-prod",
                            "monitoring": "false",
                            "network_interface_id": "eni-a726bbe4",
                            "private_dns": "ip-10-126-96-57.us-west-2.compute.internal",
                            "private_ip": "10.126.96.57",
                            "public_dns": "",
                            "public_ip": "",
                            "root_block_device.#": "1",
                            "root_block_device.0.delete_on_termination": "true",
                            "root_block_device.0.iops": "0",
                            "root_block_device.0.volume_size": "8",
                            "root_block_device.0.volume_type": "standard",
                            "security_groups.#": "0",
                            "source_dest_check": "true",
                            "subnet_id": "subnet-4ba5703d",
                            "tags.%": "7",
                            "tags.Account_name": "jive-reco-prod",
                            "tags.Jive_service": "upena",
                            "tags.Name": "prod-upena-api-i1",
                            "tags.Pipeline_phase": "prod",
                            "tags.Region": "us-west-2",
                            "tags.SLA": "prod",
                            "tags.Service_component": "upena-api",
                            "tenancy": "default",
                            "user_data": "50f17a6874daa70625669dc3325f5aeeabefe184",
                            "vpc_security_group_ids.#": "2",
                            "vpc_security_group_ids.2366329719": "sg-f879ab80",
                            "vpc_security_group_ids.744384824": "sg-77687f10"
                        },
                        "meta": {
                            "schema_version": "1"
                        },
                        "tainted": false
                    },
                    "deposed": [],
                    "provider": ""
                },
                "aws_instance.upena_api_i2": {
                    "type": "aws_instance",
                    "depends_on": [
                        "aws_security_group.upena_api_sg"
                    ],
                    "primary": {
                        "id": "i-0941a0e23c063943d",
                        "attributes": {
                            "ami": "ami-1e299d7e",
                            "associate_public_ip_address": "false",
                            "availability_zone": "us-west-2b",
                            "disable_api_termination": "false",
                            "ebs_block_device.#": "1",
                            "ebs_block_device.2634515331.delete_on_termination": "false",
                            "ebs_block_device.2634515331.device_name": "/dev/sdd",
                            "ebs_block_device.2634515331.encrypted": "true",
                            "ebs_block_device.2634515331.iops": "0",
                            "ebs_block_device.2634515331.snapshot_id": "",
                            "ebs_block_device.2634515331.volume_size": "500",
                            "ebs_block_device.2634515331.volume_type": "st1",
                            "ebs_optimized": "true",
                            "ephemeral_block_device.#": "0",
                            "iam_instance_profile": "upena-profile",
                            "id": "i-0941a0e23c063943d",
                            "instance_state": "running",
                            "instance_type": "r4.xlarge",
                            "key_name": "reco-prod",
                            "monitoring": "false",
                            "network_interface_id": "eni-380a1449",
                            "private_dns": "ip-10-126-102-120.us-west-2.compute.internal",
                            "private_ip": "10.126.102.120",
                            "public_dns": "",
                            "public_ip": "",
                            "root_block_device.#": "1",
                            "root_block_device.0.delete_on_termination": "true",
                            "root_block_device.0.iops": "0",
                            "root_block_device.0.volume_size": "8",
                            "root_block_device.0.volume_type": "standard",
                            "security_groups.#": "0",
                            "source_dest_check": "true",
                            "subnet_id": "subnet-6178c805",
                            "tags.%": "7",
                            "tags.Account_name": "jive-reco-prod",
                            "tags.Jive_service": "upena",
                            "tags.Name": "prod-upena-api-i2",
                            "tags.Pipeline_phase": "prod",
                            "tags.Region": "us-west-2",
                            "tags.SLA": "prod",
                            "tags.Service_component": "upena-api",
                            "tenancy": "default",
                            "user_data": "50f17a6874daa70625669dc3325f5aeeabefe184",
                            "vpc_security_group_ids.#": "2",
                            "vpc_security_group_ids.2366329719": "sg-f879ab80",
                            "vpc_security_group_ids.744384824": "sg-77687f10"
                        },
                        "meta": {
                            "schema_version": "1"
                        },
                        "tainted": false
                    },
                    "deposed": [],
                    "provider": ""
                },
                "aws_instance.upena_api_i3": {
                    "type": "aws_instance",
                    "depends_on": [
                        "aws_security_group.upena_api_sg"
                    ],
                    "primary": {
                        "id": "i-0b79e59c5cb832c30",
                        "attributes": {
                            "ami": "ami-1e299d7e",
                            "associate_public_ip_address": "false",
                            "availability_zone": "us-west-2c",
                            "disable_api_termination": "false",
                            "ebs_block_device.#": "1",
                            "ebs_block_device.2634515331.delete_on_termination": "false",
                            "ebs_block_device.2634515331.device_name": "/dev/sdd",
                            "ebs_block_device.2634515331.encrypted": "true",
                            "ebs_block_device.2634515331.iops": "0",
                            "ebs_block_device.2634515331.snapshot_id": "",
                            "ebs_block_device.2634515331.volume_size": "500",
                            "ebs_block_device.2634515331.volume_type": "st1",
                            "ebs_optimized": "true",
                            "ephemeral_block_device.#": "0",
                            "iam_instance_profile": "upena-profile",
                            "id": "i-0b79e59c5cb832c30",
                            "instance_state": "running",
                            "instance_type": "r4.xlarge",
                            "key_name": "reco-prod",
                            "monitoring": "false",
                            "network_interface_id": "eni-222f1872",
                            "private_dns": "ip-10-126-107-139.us-west-2.compute.internal",
                            "private_ip": "10.126.107.139",
                            "public_dns": "",
                            "public_ip": "",
                            "root_block_device.#": "1",
                            "root_block_device.0.delete_on_termination": "true",
                            "root_block_device.0.iops": "0",
                            "root_block_device.0.volume_size": "8",
                            "root_block_device.0.volume_type": "standard",
                            "security_groups.#": "0",
                            "source_dest_check": "true",
                            "subnet_id": "subnet-6be90c33",
                            "tags.%": "7",
                            "tags.Account_name": "jive-reco-prod",
                            "tags.Jive_service": "upena",
                            "tags.Name": "prod-upena-api-i3",
                            "tags.Pipeline_phase": "prod",
                            "tags.Region": "us-west-2",
                            "tags.SLA": "prod",
                            "tags.Service_component": "upena-api",
                            "tenancy": "default",
                            "user_data": "50f17a6874daa70625669dc3325f5aeeabefe184",
                            "vpc_security_group_ids.#": "2",
                            "vpc_security_group_ids.2366329719": "sg-f879ab80",
                            "vpc_security_group_ids.744384824": "sg-77687f10"
                        },
                        "meta": {
                            "schema_version": "1"
                        },
                        "tainted": false
                    },
                    "deposed": [],
                    "provider": ""
                },
                "aws_route53_record.upena_api_ri1": {
                    "type": "aws_route53_record",
                    "depends_on": [
                        "aws_instance.upena_api_i1"
                    ],
                    "primary": {
                        "id": "Z3G5VQCYCT435Y_prod-upena-api-i1_A",
                        "attributes": {
                            "fqdn": "prod-upena-api-i1.jiveprivate.com",
                            "health_check_id": "",
                            "id": "Z3G5VQCYCT435Y_prod-upena-api-i1_A",
                            "name": "prod-upena-api-i1",
                            "records.#": "1",
                            "records.3560882461": "10.126.96.57",
                            "set_identifier": "",
                            "ttl": "60",
                            "type": "A",
                            "zone_id": "Z3G5VQCYCT435Y"
                        },
                        "meta": {
                            "schema_version": "2"
                        },
                        "tainted": false
                    },
                    "deposed": [],
                    "provider": ""
                },
                "aws_route53_record.upena_api_ri2": {
                    "type": "aws_route53_record",
                    "depends_on": [
                        "aws_instance.upena_api_i2"
                    ],
                    "primary": {
                        "id": "Z3G5VQCYCT435Y_prod-upena-api-i2_A",
                        "attributes": {
                            "fqdn": "prod-upena-api-i2.jiveprivate.com",
                            "health_check_id": "",
                            "id": "Z3G5VQCYCT435Y_prod-upena-api-i2_A",
                            "name": "prod-upena-api-i2",
                            "records.#": "1",
                            "records.1514948595": "10.126.102.120",
                            "set_identifier": "",
                            "ttl": "60",
                            "type": "A",
                            "zone_id": "Z3G5VQCYCT435Y"
                        },
                        "meta": {
                            "schema_version": "2"
                        },
                        "tainted": false
                    },
                    "deposed": [],
                    "provider": ""
                },
                "aws_route53_record.upena_api_ri3": {
                    "type": "aws_route53_record",
                    "depends_on": [
                        "aws_instance.upena_api_i3"
                    ],
                    "primary": {
                        "id": "Z3G5VQCYCT435Y_prod-upena-api-i3_A",
                        "attributes": {
                            "fqdn": "prod-upena-api-i3.jiveprivate.com",
                            "health_check_id": "",
                            "id": "Z3G5VQCYCT435Y_prod-upena-api-i3_A",
                            "name": "prod-upena-api-i3",
                            "records.#": "1",
                            "records.4067115366": "10.126.107.139",
                            "set_identifier": "",
                            "ttl": "60",
                            "type": "A",
                            "zone_id": "Z3G5VQCYCT435Y"
                        },
                        "meta": {
                            "schema_version": "2"
                        },
                        "tainted": false
                    },
                    "deposed": [],
                    "provider": ""
                },
                "aws_security_group.upena_api_sg": {
                    "type": "aws_security_group",
                    "depends_on": [],
                    "primary": {
                        "id": "sg-f879ab80",
                        "attributes": {
                            "description": "Allows necessary communication between upena-api instances",
                            "egress.#": "0",
                            "id": "sg-f879ab80",
                            "ingress.#": "2",
                            "ingress.1251094559.cidr_blocks.#": "1",
                            "ingress.1251094559.cidr_blocks.0": "0.0.0.0/0",
                            "ingress.1251094559.from_port": "1175",
                            "ingress.1251094559.protocol": "tcp",
                            "ingress.1251094559.security_groups.#": "0",
                            "ingress.1251094559.self": "false",
                            "ingress.1251094559.to_port": "1175",
                            "ingress.3258786324.cidr_blocks.#": "1",
                            "ingress.3258786324.cidr_blocks.0": "0.0.0.0/0",
                            "ingress.3258786324.from_port": "10000",
                            "ingress.3258786324.protocol": "tcp",
                            "ingress.3258786324.security_groups.#": "0",
                            "ingress.3258786324.self": "false",
                            "ingress.3258786324.to_port": "11000",
                            "name": "prod-upena-api",
                            "owner_id": "870846026232",
                            "tags.%": "7",
                            "tags.Account_name": "jive-reco-prod",
                            "tags.Jive_service": "upena",
                            "tags.Name": "prod-upena-api",
                            "tags.Pipeline_phase": "prod",
                            "tags.Region": "us-west-2",
                            "tags.SLA": "prod",
                            "tags.Service_component": "upena-api",
                            "vpc_id": "vpc-e7883c83"
                        },
                        "meta": {},
                        "tainted": false
                    },
                    "deposed": [],
                    "provider": ""
                },
                "aws_volume_attachment.upena_api_i1_av0": {
                    "type": "aws_volume_attachment",
                    "depends_on": [
                        "aws_ebs_volume.upena_api_i1_v0",
                        "aws_instance.upena_api_i1"
                    ],
                    "primary": {
                        "id": "vai-2584645878",
                        "attributes": {
                            "device_name": "/dev/sdd",
                            "force_detach": "true",
                            "id": "vai-2584645878",
                            "instance_id": "i-05c4261734ebfb360",
                            "volume_id": "vol-0290cb83b3f5a29d9"
                        },
                        "meta": {},
                        "tainted": false
                    },
                    "deposed": [],
                    "provider": ""
                },
                "aws_volume_attachment.upena_api_i2_av0": {
                    "type": "aws_volume_attachment",
                    "depends_on": [
                        "aws_ebs_volume.upena_api_i2_v0",
                        "aws_instance.upena_api_i2"
                    ],
                    "primary": {
                        "id": "vai-3351286657",
                        "attributes": {
                            "device_name": "/dev/sdd",
                            "force_detach": "true",
                            "id": "vai-3351286657",
                            "instance_id": "i-0941a0e23c063943d",
                            "volume_id": "vol-003cf8ab7088228e9"
                        },
                        "meta": {},
                        "tainted": false
                    },
                    "deposed": [],
                    "provider": ""
                },
                "aws_volume_attachment.upena_api_i3_av0": {
                    "type": "aws_volume_attachment",
                    "depends_on": [
                        "aws_ebs_volume.upena_api_i3_v0",
                        "aws_instance.upena_api_i3"
                    ],
                    "primary": {
                        "id": "vai-2476078811",
                        "attributes": {
                            "device_name": "/dev/sdd",
                            "force_detach": "true",
                            "id": "vai-2476078811",
                            "instance_id": "i-0b79e59c5cb832c30",
                            "volume_id": "vol-0072a4aa83e921559"
                        },
                        "meta": {},
                        "tainted": false
                    },
                    "deposed": [],
                    "provider": ""
                }
            },
            "depends_on": []
        }
    ]
}
