{
    "version": 3,
    "terraform_version": "0.9.4",
    "serial": 29,
    "lineage": "c26dab28-cf56-44bc-9ca4-aad571513d41",
    "modules": [
        {
            "path": [
                "root"
            ],
            "outputs": {},
            "resources": {
                "aws_ebs_volume.resonata_volume_mongodb": {
                    "type": "aws_ebs_volume",
                    "depends_on": [],
                    "primary": {
                        "id": "vol-0e1e33bf2b94f0ee6",
                        "attributes": {
                            "availability_zone": "us-east-1c",
                            "encrypted": "true",
                            "id": "vol-0e1e33bf2b94f0ee6",
                            "kms_key_id": "arn:aws:kms:us-east-1:999547976641:key/da27c78c-e387-4ed1-ba3d-10316f3e8a65",
                            "size": "20",
                            "snapshot_id": "",
                            "tags.%": "5",
                            "tags.jive_service": "resonata",
                            "tags.jive_subservice": "compose",
                            "tags.name": "test-co-mongodb",
                            "tags.pipeline_phase": "test",
                            "tags.sla": "non-prod",
                            "type": "gp2"
                        },
                        "meta": {},
                        "tainted": false
                    },
                    "deposed": [],
                    "provider": ""
                },
                "aws_ebs_volume.resonata_volume_rabbitmq": {
                    "type": "aws_ebs_volume",
                    "depends_on": [],
                    "primary": {
                        "id": "vol-0a8bb39e9e469ed35",
                        "attributes": {
                            "availability_zone": "us-east-1c",
                            "encrypted": "true",
                            "id": "vol-0a8bb39e9e469ed35",
                            "kms_key_id": "arn:aws:kms:us-east-1:999547976641:key/da27c78c-e387-4ed1-ba3d-10316f3e8a65",
                            "size": "20",
                            "snapshot_id": "",
                            "tags.%": "5",
                            "tags.jive_service": "resonata",
                            "tags.jive_subservice": "compose",
                            "tags.name": "test-co-rabbitmq",
                            "tags.pipeline_phase": "test",
                            "tags.sla": "non-prod",
                            "type": "gp2"
                        },
                        "meta": {},
                        "tainted": false
                    },
                    "deposed": [],
                    "provider": ""
                },
                "aws_ebs_volume.resonata_volume_repositories": {
                    "type": "aws_ebs_volume",
                    "depends_on": [],
                    "primary": {
                        "id": "vol-00412c6b4061265e0",
                        "attributes": {
                            "availability_zone": "us-east-1c",
                            "encrypted": "true",
                            "id": "vol-00412c6b4061265e0",
                            "kms_key_id": "arn:aws:kms:us-east-1:999547976641:key/da27c78c-e387-4ed1-ba3d-10316f3e8a65",
                            "size": "20",
                            "snapshot_id": "",
                            "tags.%": "5",
                            "tags.jive_service": "resonata",
                            "tags.jive_subservice": "compose",
                            "tags.name": "test-co-repositories",
                            "tags.pipeline_phase": "test",
                            "tags.sla": "non-prod",
                            "type": "gp2"
                        },
                        "meta": {},
                        "tainted": false
                    },
                    "deposed": [],
                    "provider": ""
                },
                "aws_instance.resonata": {
                    "type": "aws_instance",
                    "depends_on": [
                        "aws_security_group.resonata",
                        "data.template_file.resonata_user_data"
                    ],
                    "primary": {
                        "id": "i-0c72158634af859a3",
                        "attributes": {
                            "ami": "ami-6d1c2007",
                            "associate_public_ip_address": "false",
                            "availability_zone": "us-east-1c",
                            "disable_api_termination": "false",
                            "ebs_block_device.#": "0",
                            "ebs_optimized": "false",
                            "ephemeral_block_device.#": "0",
                            "iam_instance_profile": "",
                            "id": "i-0c72158634af859a3",
                            "instance_state": "running",
                            "instance_type": "t2.large",
                            "ipv6_address_count": "0",
                            "ipv6_addresses.#": "0",
                            "key_name": "data-pipeline-debug-mario-marin",
                            "monitoring": "false",
                            "network_interface.#": "0",
                            "network_interface_id": "eni-06b85910",
                            "primary_network_interface_id": "eni-06b85910",
                            "private_dns": "ip-10-123-21-21.ec2.internal",
                            "private_ip": "10.123.21.21",
                            "public_dns": "",
                            "public_ip": "",
                            "root_block_device.#": "1",
                            "root_block_device.0.delete_on_termination": "true",
                            "root_block_device.0.iops": "100",
                            "root_block_device.0.volume_size": "30",
                            "root_block_device.0.volume_type": "gp2",
                            "security_groups.#": "0",
                            "source_dest_check": "true",
                            "subnet_id": "subnet-79fa1d1d",
                            "tags.%": "5",
                            "tags.Name": "test-compose",
                            "tags.jive_service": "resonata",
                            "tags.jive_subservice": "compose",
                            "tags.pipeline_phase": "test",
                            "tags.sla": "non-prod",
                            "tenancy": "default",
                            "user_data": "bda880a0422af61f02696a22532a2eaa6c961302",
                            "volume_tags.%": "0",
                            "vpc_security_group_ids.#": "2",
                            "vpc_security_group_ids.1191781797": "sg-ac2e69dd",
                            "vpc_security_group_ids.3416234559": "sg-4929c63b"
                        },
                        "meta": {
                            "schema_version": "1"
                        },
                        "tainted": false
                    },
                    "deposed": [],
                    "provider": ""
                },
                "aws_route53_record.resonata": {
                    "type": "aws_route53_record",
                    "depends_on": [
                        "aws_instance.resonata"
                    ],
                    "primary": {
                        "id": "Z18Q9DET05Y2Z8_test-co-resonata_A",
                        "attributes": {
                            "fqdn": "test-co-resonata.data.jivehosted.com",
                            "health_check_id": "",
                            "id": "Z18Q9DET05Y2Z8_test-co-resonata_A",
                            "name": "test-co-resonata",
                            "records.#": "1",
                            "records.3391345888": "10.123.21.21",
                            "set_identifier": "",
                            "ttl": "300",
                            "type": "A",
                            "zone_id": "Z18Q9DET05Y2Z8"
                        },
                        "meta": {
                            "schema_version": "2"
                        },
                        "tainted": false
                    },
                    "deposed": [],
                    "provider": ""
                },
                "aws_security_group.resonata": {
                    "type": "aws_security_group",
                    "depends_on": [],
                    "primary": {
                        "id": "sg-4929c63b",
                        "attributes": {
                            "description": "Resonata test",
                            "egress.#": "1",
                            "egress.3563209066.cidr_blocks.#": "1",
                            "egress.3563209066.cidr_blocks.0": "0.0.0.0/8",
                            "egress.3563209066.from_port": "0",
                            "egress.3563209066.ipv6_cidr_blocks.#": "0",
                            "egress.3563209066.prefix_list_ids.#": "0",
                            "egress.3563209066.protocol": "-1",
                            "egress.3563209066.security_groups.#": "0",
                            "egress.3563209066.self": "false",
                            "egress.3563209066.to_port": "0",
                            "id": "sg-4929c63b",
                            "ingress.#": "4",
                            "ingress.303865169.cidr_blocks.#": "1",
                            "ingress.303865169.cidr_blocks.0": "10.0.0.0/8",
                            "ingress.303865169.from_port": "5555",
                            "ingress.303865169.ipv6_cidr_blocks.#": "0",
                            "ingress.303865169.protocol": "tcp",
                            "ingress.303865169.security_groups.#": "0",
                            "ingress.303865169.self": "false",
                            "ingress.303865169.to_port": "5555",
                            "ingress.3383430717.cidr_blocks.#": "1",
                            "ingress.3383430717.cidr_blocks.0": "10.0.0.0/8",
                            "ingress.3383430717.from_port": "15672",
                            "ingress.3383430717.ipv6_cidr_blocks.#": "0",
                            "ingress.3383430717.protocol": "tcp",
                            "ingress.3383430717.security_groups.#": "0",
                            "ingress.3383430717.self": "false",
                            "ingress.3383430717.to_port": "15672",
                            "ingress.3608486403.cidr_blocks.#": "1",
                            "ingress.3608486403.cidr_blocks.0": "10.0.0.0/8",
                            "ingress.3608486403.from_port": "27017",
                            "ingress.3608486403.ipv6_cidr_blocks.#": "0",
                            "ingress.3608486403.protocol": "tcp",
                            "ingress.3608486403.security_groups.#": "0",
                            "ingress.3608486403.self": "false",
                            "ingress.3608486403.to_port": "27017",
                            "ingress.781792268.cidr_blocks.#": "1",
                            "ingress.781792268.cidr_blocks.0": "10.0.0.0/8",
                            "ingress.781792268.from_port": "9050",
                            "ingress.781792268.ipv6_cidr_blocks.#": "0",
                            "ingress.781792268.protocol": "tcp",
                            "ingress.781792268.security_groups.#": "0",
                            "ingress.781792268.self": "false",
                            "ingress.781792268.to_port": "9050",
                            "name": "resonata-test",
                            "owner_id": "999547976641",
                            "tags.%": "0",
                            "vpc_id": "vpc-26f9665f"
                        },
                        "meta": {},
                        "tainted": false
                    },
                    "deposed": [],
                    "provider": ""
                },
                "aws_security_group_rule.resonata_egress": {
                    "type": "aws_security_group_rule",
                    "depends_on": [
                        "aws_security_group.resonata"
                    ],
                    "primary": {
                        "id": "sgrule-3730071829",
                        "attributes": {
                            "cidr_blocks.#": "1",
                            "cidr_blocks.0": "0.0.0.0/8",
                            "from_port": "0",
                            "id": "sgrule-3730071829",
                            "ipv6_cidr_blocks.#": "0",
                            "prefix_list_ids.#": "0",
                            "protocol": "-1",
                            "security_group_id": "sg-4929c63b",
                            "self": "false",
                            "to_port": "0",
                            "type": "egress"
                        },
                        "meta": {
                            "schema_version": "2"
                        },
                        "tainted": false
                    },
                    "deposed": [],
                    "provider": ""
                },
                "aws_security_group_rule.resonata_flower": {
                    "type": "aws_security_group_rule",
                    "depends_on": [
                        "aws_security_group.resonata"
                    ],
                    "primary": {
                        "id": "sgrule-3684180626",
                        "attributes": {
                            "cidr_blocks.#": "1",
                            "cidr_blocks.0": "10.0.0.0/8",
                            "from_port": "5555",
                            "id": "sgrule-3684180626",
                            "ipv6_cidr_blocks.#": "0",
                            "prefix_list_ids.#": "0",
                            "protocol": "tcp",
                            "security_group_id": "sg-4929c63b",
                            "self": "false",
                            "to_port": "5555",
                            "type": "ingress"
                        },
                        "meta": {
                            "schema_version": "2"
                        },
                        "tainted": false
                    },
                    "deposed": [],
                    "provider": ""
                },
                "aws_security_group_rule.resonata_hurricane": {
                    "type": "aws_security_group_rule",
                    "depends_on": [
                        "aws_security_group.resonata"
                    ],
                    "primary": {
                        "id": "sgrule-2072454722",
                        "attributes": {
                            "cidr_blocks.#": "1",
                            "cidr_blocks.0": "10.0.0.0/8",
                            "from_port": "9050",
                            "id": "sgrule-2072454722",
                            "ipv6_cidr_blocks.#": "0",
                            "prefix_list_ids.#": "0",
                            "protocol": "tcp",
                            "security_group_id": "sg-4929c63b",
                            "self": "false",
                            "to_port": "9050",
                            "type": "ingress"
                        },
                        "meta": {
                            "schema_version": "2"
                        },
                        "tainted": false
                    },
                    "deposed": [],
                    "provider": ""
                },
                "aws_security_group_rule.resonata_mongo": {
                    "type": "aws_security_group_rule",
                    "depends_on": [
                        "aws_security_group.resonata"
                    ],
                    "primary": {
                        "id": "sgrule-3407357366",
                        "attributes": {
                            "cidr_blocks.#": "1",
                            "cidr_blocks.0": "10.0.0.0/8",
                            "from_port": "27017",
                            "id": "sgrule-3407357366",
                            "ipv6_cidr_blocks.#": "0",
                            "prefix_list_ids.#": "0",
                            "protocol": "tcp",
                            "security_group_id": "sg-4929c63b",
                            "self": "false",
                            "to_port": "27017",
                            "type": "ingress"
                        },
                        "meta": {
                            "schema_version": "2"
                        },
                        "tainted": false
                    },
                    "deposed": [],
                    "provider": ""
                },
                "aws_security_group_rule.resonata_rabbitmq": {
                    "type": "aws_security_group_rule",
                    "depends_on": [
                        "aws_security_group.resonata"
                    ],
                    "primary": {
                        "id": "sgrule-3087355030",
                        "attributes": {
                            "cidr_blocks.#": "1",
                            "cidr_blocks.0": "10.0.0.0/8",
                            "from_port": "15672",
                            "id": "sgrule-3087355030",
                            "ipv6_cidr_blocks.#": "0",
                            "prefix_list_ids.#": "0",
                            "protocol": "tcp",
                            "security_group_id": "sg-4929c63b",
                            "self": "false",
                            "to_port": "15672",
                            "type": "ingress"
                        },
                        "meta": {
                            "schema_version": "2"
                        },
                        "tainted": false
                    },
                    "deposed": [],
                    "provider": ""
                },
                "aws_volume_attachment.volume_attachment_resonata_mongodb": {
                    "type": "aws_volume_attachment",
                    "depends_on": [
                        "aws_ebs_volume.resonata_volume_mongodb",
                        "aws_instance.resonata"
                    ],
                    "primary": {
                        "id": "vai-1657785614",
                        "attributes": {
                            "device_name": "/dev/xvdv",
                            "force_detach": "true",
                            "id": "vai-1657785614",
                            "instance_id": "i-0c72158634af859a3",
                            "volume_id": "vol-0e1e33bf2b94f0ee6"
                        },
                        "meta": {},
                        "tainted": false
                    },
                    "deposed": [],
                    "provider": ""
                },
                "aws_volume_attachment.volume_attachment_resonata_rabbitmq": {
                    "type": "aws_volume_attachment",
                    "depends_on": [
                        "aws_ebs_volume.resonata_volume_rabbitmq",
                        "aws_instance.resonata"
                    ],
                    "primary": {
                        "id": "vai-702677771",
                        "attributes": {
                            "device_name": "/dev/xvdx",
                            "force_detach": "true",
                            "id": "vai-702677771",
                            "instance_id": "i-0c72158634af859a3",
                            "volume_id": "vol-0a8bb39e9e469ed35"
                        },
                        "meta": {},
                        "tainted": false
                    },
                    "deposed": [],
                    "provider": ""
                },
                "aws_volume_attachment.volume_attachment_resonata_repositories": {
                    "type": "aws_volume_attachment",
                    "depends_on": [
                        "aws_ebs_volume.resonata_volume_repositories",
                        "aws_instance.resonata"
                    ],
                    "primary": {
                        "id": "vai-3429453313",
                        "attributes": {
                            "device_name": "/dev/xvdw",
                            "force_detach": "true",
                            "id": "vai-3429453313",
                            "instance_id": "i-0c72158634af859a3",
                            "volume_id": "vol-00412c6b4061265e0"
                        },
                        "meta": {},
                        "tainted": false
                    },
                    "deposed": [],
                    "provider": ""
                },
                "data.template_file.resonata_user_data": {
                    "type": "template_file",
                    "depends_on": [],
                    "primary": {
                        "id": "08e0602d296c3c3644cd1a22d11dd33427c427a2d4b76cb807998bc938894bd7",
                        "attributes": {
                            "id": "08e0602d296c3c3644cd1a22d11dd33427c427a2d4b76cb807998bc938894bd7",
                            "rendered": "#!/bin/bash\n\nset -x\n\ndeclare -A mountpoints=([xvdv]=/var/lib/resonata/mongodb [xvdw]=/home/centos/resonata [xvdx]=/var/lib/resonata/rabbitmq)\n\nfor device in \"${!mountpoints[@]}\"; do\n\t# Wait while volume is ready to mount\n\tuntil lsblk|grep -q \"$device\";do\n\t\tsleep 5;\n\tdone\n\n\t# Wipe the EBS devices, only if is not ext4 yet.\n\tif ! blkid -t TYPE=ext4 | grep \"/dev/$device\"; then\n\t\twipefs -fa \"/dev/$device\" \u0026\u0026 mkfs.ext4 \"/dev/$device\"\n\tfi\n\n\t# mount volume\n\tmkdir -p -m 000 \"${mountpoints[$device]}\"\n\tif ! grep -q \"${mountpoints[$device]}\" /etc/fstab; then\n\t\techo \"/dev/$device ${mountpoints[$device]} ext4    defaults,nofail 0       2\" | tee -a /etc/fstab\n\tfi\ndone\n\nmount -a\n\nif ! docker --version; then\n\tyum install -y yum-utils \\\n\t\tdevice-mapper-persistent-data \\\n\t\tlvm2 git\n\n\tyum-config-manager \\\n\t\t--add-repo \\\n\t\thttps://download.docker.com/linux/centos/docker-ce.repo\n\n\tyum install -y docker-ce\n\n\tsystemctl enable docker\n\tsystemctl start docker\n\n\tgroupadd docker\n\tchown root:docker /var/run/docker.sock\n\tusermod -aG docker centos\nfi\n\nif ! docker-compose --version; then\n\tcompose_url=\"https://github.com/docker/compose/releases/download/1.16.1/docker-compose-$(uname -s)-$(uname -m)\"\n\tcurl -L \"$compose_url\" -o /usr/local/bin/docker-compose\n\tchmod +x /usr/local/bin/docker-compose\nfi\n\necho \"10.10.6.29 stash.jiveland.com\" \u003e\u003e /etc/hosts\necho \"10.160.4.127 docker.phx1.jivehosted.com\" \u003e\u003e /etc/hosts\n",
                            "template": "#!/bin/bash\n\nset -x\n\ndeclare -A mountpoints=([xvdv]=/var/lib/resonata/mongodb [xvdw]=/home/centos/resonata [xvdx]=/var/lib/resonata/rabbitmq)\n\nfor device in \"$${!mountpoints[@]}\"; do\n\t# Wait while volume is ready to mount\n\tuntil lsblk|grep -q \"$$device\";do\n\t\tsleep 5;\n\tdone\n\n\t# Wipe the EBS devices, only if is not ext4 yet.\n\tif ! blkid -t TYPE=ext4 | grep \"/dev/$$device\"; then\n\t\twipefs -fa \"/dev/$$device\" \u0026\u0026 mkfs.ext4 \"/dev/$$device\"\n\tfi\n\n\t# mount volume\n\tmkdir -p -m 000 \"$${mountpoints[$$device]}\"\n\tif ! grep -q \"$${mountpoints[$$device]}\" /etc/fstab; then\n\t\techo \"/dev/$$device $${mountpoints[$$device]} ext4    defaults,nofail 0       2\" | tee -a /etc/fstab\n\tfi\ndone\n\nmount -a\n\nif ! docker --version; then\n\tyum install -y yum-utils \\\n\t\tdevice-mapper-persistent-data \\\n\t\tlvm2 git\n\n\tyum-config-manager \\\n\t\t--add-repo \\\n\t\thttps://download.docker.com/linux/centos/docker-ce.repo\n\n\tyum install -y docker-ce\n\n\tsystemctl enable docker\n\tsystemctl start docker\n\n\tgroupadd docker\n\tchown root:docker /var/run/docker.sock\n\tusermod -aG docker centos\nfi\n\nif ! docker-compose --version; then\n\tcompose_url=\"https://github.com/docker/compose/releases/download/1.16.1/docker-compose-$$(uname -s)-$$(uname -m)\"\n\tcurl -L \"$$compose_url\" -o /usr/local/bin/docker-compose\n\tchmod +x /usr/local/bin/docker-compose\nfi\n\necho \"10.10.6.29 stash.jiveland.com\" \u003e\u003e /etc/hosts\necho \"10.160.4.127 docker.phx1.jivehosted.com\" \u003e\u003e /etc/hosts\n"
                        },
                        "meta": {},
                        "tainted": false
                    },
                    "deposed": [],
                    "provider": ""
                }
            },
            "depends_on": []
        }
    ]
}
