{
    "version": 3,
    "terraform_version": "0.9.2",
    "serial": 18,
    "lineage": "ba9f10a4-dc93-4ee8-9c0d-0632bcb920fa",
    "modules": [
        {
            "path": [
                "root"
            ],
            "outputs": {},
            "resources": {
                "aws_eip.natgw.0": {
                    "type": "aws_eip",
                    "depends_on": [],
                    "primary": {
                        "id": "eipalloc-238dd447",
                        "attributes": {
                            "association_id": "eipassoc-0fdb6676",
                            "domain": "vpc",
                            "id": "eipalloc-238dd447",
                            "instance": "",
                            "network_interface": "eni-bbff1ac6",
                            "private_ip": "10.124.19.15",
                            "public_ip": "50.112.37.115",
                            "vpc": "true"
                        },
                        "meta": {},
                        "tainted": false
                    },
                    "deposed": [],
                    "provider": ""
                },
                "aws_eip.natgw.1": {
                    "type": "aws_eip",
                    "depends_on": [],
                    "primary": {
                        "id": "eipalloc-0bfca431",
                        "attributes": {
                            "association_id": "",
                            "domain": "vpc",
                            "id": "eipalloc-0bfca431",
                            "instance": "",
                            "network_interface": "",
                            "private_ip": "",
                            "public_ip": "34.211.92.33",
                            "vpc": "true"
                        },
                        "meta": {},
                        "tainted": false
                    },
                    "deposed": [],
                    "provider": ""
                },
                "aws_eip.natgw.2": {
                    "type": "aws_eip",
                    "depends_on": [],
                    "primary": {
                        "id": "eipalloc-91faa2ab",
                        "attributes": {
                            "association_id": "",
                            "domain": "vpc",
                            "id": "eipalloc-91faa2ab",
                            "instance": "",
                            "network_interface": "",
                            "private_ip": "",
                            "public_ip": "35.165.24.119",
                            "vpc": "true"
                        },
                        "meta": {},
                        "tainted": false
                    },
                    "deposed": [],
                    "provider": ""
                },
                "aws_internet_gateway.igw": {
                    "type": "aws_internet_gateway",
                    "depends_on": [
                        "aws_vpc.main"
                    ],
                    "primary": {
                        "id": "igw-40917424",
                        "attributes": {
                            "id": "igw-40917424",
                            "tags.%": "5",
                            "tags.Name": "dev-igw",
                            "tags.account_name": "jive-microservices-pipeline",
                            "tags.pipeline_phase": "dev",
                            "tags.region": "us-west-2",
                            "tags.sla": "non-prod",
                            "vpc_id": "vpc-94c7a4f0"
                        },
                        "meta": {},
                        "tainted": false
                    },
                    "deposed": [],
                    "provider": ""
                },
                "aws_nat_gateway.natgw.0": {
                    "type": "aws_nat_gateway",
                    "depends_on": [
                        "aws_eip.natgw.*",
                        "aws_internet_gateway.igw",
                        "aws_subnet.public.*"
                    ],
                    "primary": {
                        "id": "nat-0866ddd8e149a0116",
                        "attributes": {
                            "allocation_id": "eipalloc-238dd447",
                            "id": "nat-0866ddd8e149a0116",
                            "network_interface_id": "eni-4db93967",
                            "private_ip": "10.124.19.29",
                            "public_ip": "50.112.37.115",
                            "subnet_id": "subnet-e6e97182"
                        },
                        "meta": {},
                        "tainted": false
                    },
                    "deposed": [],
                    "provider": ""
                },
                "aws_nat_gateway.natgw.1": {
                    "type": "aws_nat_gateway",
                    "depends_on": [
                        "aws_eip.natgw.*",
                        "aws_internet_gateway.igw",
                        "aws_subnet.public.*"
                    ],
                    "primary": {
                        "id": "nat-035ed8968bb9b2147",
                        "attributes": {
                            "allocation_id": "eipalloc-0bfca431",
                            "id": "nat-035ed8968bb9b2147",
                            "network_interface_id": "eni-a4984a98",
                            "private_ip": "10.124.19.62",
                            "public_ip": "34.211.92.33",
                            "subnet_id": "subnet-82e95af4"
                        },
                        "meta": {},
                        "tainted": false
                    },
                    "deposed": [],
                    "provider": ""
                },
                "aws_nat_gateway.natgw.2": {
                    "type": "aws_nat_gateway",
                    "depends_on": [
                        "aws_eip.natgw.*",
                        "aws_internet_gateway.igw",
                        "aws_subnet.public.*"
                    ],
                    "primary": {
                        "id": "nat-0af5efb45a151abb5",
                        "attributes": {
                            "allocation_id": "eipalloc-91faa2ab",
                            "id": "nat-0af5efb45a151abb5",
                            "network_interface_id": "eni-39bf5737",
                            "private_ip": "10.124.19.76",
                            "public_ip": "35.165.24.119",
                            "subnet_id": "subnet-cc31f494"
                        },
                        "meta": {},
                        "tainted": false
                    },
                    "deposed": [],
                    "provider": ""
                },
                "aws_route.bastion_natdc.0": {
                    "type": "aws_route",
                    "depends_on": [
                        "aws_route_table.natdc.*",
                        "aws_vpc_peering_connection.infra"
                    ],
                    "primary": {
                        "id": "r-rtb-e080d0843003448856",
                        "attributes": {
                            "destination_cidr_block": "10.127.30.7/32",
                            "destination_prefix_list_id": "",
                            "egress_only_gateway_id": "",
                            "gateway_id": "",
                            "id": "r-rtb-e080d0843003448856",
                            "instance_id": "",
                            "instance_owner_id": "",
                            "nat_gateway_id": "",
                            "network_interface_id": "",
                            "origin": "CreateRoute",
                            "route_table_id": "rtb-e080d084",
                            "state": "active",
                            "vpc_peering_connection_id": "pcx-4ceb5a25"
                        },
                        "meta": {},
                        "tainted": false
                    },
                    "deposed": [],
                    "provider": ""
                },
                "aws_route.bastion_natdc.1": {
                    "type": "aws_route",
                    "depends_on": [
                        "aws_route_table.natdc.*",
                        "aws_vpc_peering_connection.infra"
                    ],
                    "primary": {
                        "id": "r-rtb-95a338f33003448856",
                        "attributes": {
                            "destination_cidr_block": "10.127.30.7/32",
                            "destination_prefix_list_id": "",
                            "egress_only_gateway_id": "",
                            "gateway_id": "",
                            "id": "r-rtb-95a338f33003448856",
                            "instance_id": "",
                            "instance_owner_id": "",
                            "nat_gateway_id": "",
                            "network_interface_id": "",
                            "origin": "CreateRoute",
                            "route_table_id": "rtb-95a338f3",
                            "state": "active",
                            "vpc_peering_connection_id": "pcx-4ceb5a25"
                        },
                        "meta": {},
                        "tainted": false
                    },
                    "deposed": [],
                    "provider": ""
                },
                "aws_route.bastion_natdc.2": {
                    "type": "aws_route",
                    "depends_on": [
                        "aws_route_table.natdc.*",
                        "aws_vpc_peering_connection.infra"
                    ],
                    "primary": {
                        "id": "r-rtb-5ca03b3a3003448856",
                        "attributes": {
                            "destination_cidr_block": "10.127.30.7/32",
                            "destination_prefix_list_id": "",
                            "egress_only_gateway_id": "",
                            "gateway_id": "",
                            "id": "r-rtb-5ca03b3a3003448856",
                            "instance_id": "",
                            "instance_owner_id": "",
                            "nat_gateway_id": "",
                            "network_interface_id": "",
                            "origin": "CreateRoute",
                            "route_table_id": "rtb-5ca03b3a",
                            "state": "active",
                            "vpc_peering_connection_id": "pcx-4ceb5a25"
                        },
                        "meta": {},
                        "tainted": false
                    },
                    "deposed": [],
                    "provider": ""
                },
                "aws_route.bastion_private": {
                    "type": "aws_route",
                    "depends_on": [
                        "aws_route_table.private",
                        "aws_vpc_peering_connection.infra"
                    ],
                    "primary": {
                        "id": "r-rtb-6180d0053003448856",
                        "attributes": {
                            "destination_cidr_block": "10.127.30.7/32",
                            "destination_prefix_list_id": "",
                            "egress_only_gateway_id": "",
                            "gateway_id": "",
                            "id": "r-rtb-6180d0053003448856",
                            "instance_id": "",
                            "instance_owner_id": "",
                            "nat_gateway_id": "",
                            "network_interface_id": "",
                            "origin": "CreateRoute",
                            "route_table_id": "rtb-6180d005",
                            "state": "active",
                            "vpc_peering_connection_id": "pcx-4ceb5a25"
                        },
                        "meta": {},
                        "tainted": false
                    },
                    "deposed": [],
                    "provider": ""
                },
                "aws_route.bastion_public": {
                    "type": "aws_route",
                    "depends_on": [
                        "aws_route_table.public",
                        "aws_vpc_peering_connection.infra"
                    ],
                    "primary": {
                        "id": "r-rtb-6380d0073003448856",
                        "attributes": {
                            "destination_cidr_block": "10.127.30.7/32",
                            "destination_prefix_list_id": "",
                            "egress_only_gateway_id": "",
                            "gateway_id": "",
                            "id": "r-rtb-6380d0073003448856",
                            "instance_id": "",
                            "instance_owner_id": "",
                            "nat_gateway_id": "",
                            "network_interface_id": "",
                            "origin": "CreateRoute",
                            "route_table_id": "rtb-6380d007",
                            "state": "active",
                            "vpc_peering_connection_id": "pcx-4ceb5a25"
                        },
                        "meta": {},
                        "tainted": false
                    },
                    "deposed": [],
                    "provider": ""
                },
                "aws_route.infra_natdc.0": {
                    "type": "aws_route",
                    "depends_on": [
                        "aws_vpc_peering_connection.infra"
                    ],
                    "primary": {
                        "id": "r-rtb-968b3ef21333999889",
                        "attributes": {
                            "destination_cidr_block": "10.124.16.0/22",
                            "destination_prefix_list_id": "",
                            "egress_only_gateway_id": "",
                            "gateway_id": "",
                            "id": "r-rtb-968b3ef21333999889",
                            "instance_id": "",
                            "instance_owner_id": "",
                            "nat_gateway_id": "",
                            "network_interface_id": "",
                            "origin": "CreateRoute",
                            "route_table_id": "rtb-968b3ef2",
                            "state": "active",
                            "vpc_peering_connection_id": "pcx-4ceb5a25"
                        },
                        "meta": {},
                        "tainted": false
                    },
                    "deposed": [],
                    "provider": ""
                },
                "aws_route.infra_natdc.1": {
                    "type": "aws_route",
                    "depends_on": [
                        "aws_vpc_peering_connection.infra"
                    ],
                    "primary": {
                        "id": "r-rtb-2e964a481333999889",
                        "attributes": {
                            "destination_cidr_block": "10.124.16.0/22",
                            "destination_prefix_list_id": "",
                            "egress_only_gateway_id": "",
                            "gateway_id": "",
                            "id": "r-rtb-2e964a481333999889",
                            "instance_id": "",
                            "instance_owner_id": "",
                            "nat_gateway_id": "",
                            "network_interface_id": "",
                            "origin": "CreateRoute",
                            "route_table_id": "rtb-2e964a48",
                            "state": "active",
                            "vpc_peering_connection_id": "pcx-4ceb5a25"
                        },
                        "meta": {},
                        "tainted": false
                    },
                    "deposed": [],
                    "provider": ""
                },
                "aws_route.infra_natdc.2": {
                    "type": "aws_route",
                    "depends_on": [
                        "aws_vpc_peering_connection.infra"
                    ],
                    "primary": {
                        "id": "r-rtb-4995492f1333999889",
                        "attributes": {
                            "destination_cidr_block": "10.124.16.0/22",
                            "destination_prefix_list_id": "",
                            "egress_only_gateway_id": "",
                            "gateway_id": "",
                            "id": "r-rtb-4995492f1333999889",
                            "instance_id": "",
                            "instance_owner_id": "",
                            "nat_gateway_id": "",
                            "network_interface_id": "",
                            "origin": "CreateRoute",
                            "route_table_id": "rtb-4995492f",
                            "state": "active",
                            "vpc_peering_connection_id": "pcx-4ceb5a25"
                        },
                        "meta": {},
                        "tainted": false
                    },
                    "deposed": [],
                    "provider": ""
                },
                "aws_route.infra_private": {
                    "type": "aws_route",
                    "depends_on": [
                        "aws_vpc_peering_connection.infra"
                    ],
                    "primary": {
                        "id": "r-rtb-fc8b3e981333999889",
                        "attributes": {
                            "destination_cidr_block": "10.124.16.0/22",
                            "destination_prefix_list_id": "",
                            "egress_only_gateway_id": "",
                            "gateway_id": "",
                            "id": "r-rtb-fc8b3e981333999889",
                            "instance_id": "",
                            "instance_owner_id": "",
                            "nat_gateway_id": "",
                            "network_interface_id": "",
                            "origin": "CreateRoute",
                            "route_table_id": "rtb-fc8b3e98",
                            "state": "active",
                            "vpc_peering_connection_id": "pcx-4ceb5a25"
                        },
                        "meta": {},
                        "tainted": false
                    },
                    "deposed": [],
                    "provider": ""
                },
                "aws_route.infra_public": {
                    "type": "aws_route",
                    "depends_on": [
                        "aws_vpc_peering_connection.infra"
                    ],
                    "primary": {
                        "id": "r-rtb-fd8b3e991333999889",
                        "attributes": {
                            "destination_cidr_block": "10.124.16.0/22",
                            "destination_prefix_list_id": "",
                            "egress_only_gateway_id": "",
                            "gateway_id": "",
                            "id": "r-rtb-fd8b3e991333999889",
                            "instance_id": "",
                            "instance_owner_id": "",
                            "nat_gateway_id": "",
                            "network_interface_id": "",
                            "origin": "CreateRoute",
                            "route_table_id": "rtb-fd8b3e99",
                            "state": "active",
                            "vpc_peering_connection_id": "pcx-4ceb5a25"
                        },
                        "meta": {},
                        "tainted": false
                    },
                    "deposed": [],
                    "provider": ""
                },
                "aws_route53_zone_association.route53": {
                    "type": "aws_route53_zone_association",
                    "depends_on": [
                        "aws_vpc.main"
                    ],
                    "primary": {
                        "id": "Z31KC7C52TU6MQ:vpc-94c7a4f0",
                        "attributes": {
                            "id": "Z31KC7C52TU6MQ:vpc-94c7a4f0",
                            "vpc_id": "vpc-94c7a4f0",
                            "vpc_region": "us-west-2",
                            "zone_id": "Z31KC7C52TU6MQ"
                        },
                        "meta": {},
                        "tainted": false
                    },
                    "deposed": [],
                    "provider": ""
                },
                "aws_route_table.natdc.0": {
                    "type": "aws_route_table",
                    "depends_on": [
                        "aws_nat_gateway.natgw",
                        "aws_vpc.main",
                        "aws_vpn_gateway.vgw"
                    ],
                    "primary": {
                        "id": "rtb-e080d084",
                        "attributes": {
                            "id": "rtb-e080d084",
                            "propagating_vgws.#": "1",
                            "propagating_vgws.2818938802": "vgw-23f62f3d",
                            "route.#": "2",
                            "route.3268852685.cidr_block": "10.127.30.7/32",
                            "route.3268852685.egress_only_gateway_id": "",
                            "route.3268852685.gateway_id": "",
                            "route.3268852685.instance_id": "",
                            "route.3268852685.ipv6_cidr_block": "",
                            "route.3268852685.nat_gateway_id": "",
                            "route.3268852685.network_interface_id": "",
                            "route.3268852685.vpc_peering_connection_id": "pcx-4ceb5a25",
                            "route.406722097.cidr_block": "0.0.0.0/0",
                            "route.406722097.egress_only_gateway_id": "",
                            "route.406722097.gateway_id": "",
                            "route.406722097.instance_id": "",
                            "route.406722097.ipv6_cidr_block": "",
                            "route.406722097.nat_gateway_id": "nat-0e9e44a273891912b",
                            "route.406722097.network_interface_id": "",
                            "route.406722097.vpc_peering_connection_id": "",
                            "tags.%": "5",
                            "tags.Name": "dev-natdc-routetable",
                            "tags.account_name": "jive-microservices-pipeline",
                            "tags.pipeline_phase": "dev",
                            "tags.region": "us-west-2",
                            "tags.sla": "non-prod",
                            "vpc_id": "vpc-94c7a4f0"
                        },
                        "meta": {},
                        "tainted": false
                    },
                    "deposed": [],
                    "provider": ""
                },
                "aws_route_table.natdc.1": {
                    "type": "aws_route_table",
                    "depends_on": [
                        "aws_nat_gateway.natgw.*",
                        "aws_vpc.main",
                        "aws_vpn_gateway.vgw"
                    ],
                    "primary": {
                        "id": "rtb-95a338f3",
                        "attributes": {
                            "id": "rtb-95a338f3",
                            "propagating_vgws.#": "1",
                            "propagating_vgws.2818938802": "vgw-23f62f3d",
                            "route.#": "1",
                            "route.1371098188.cidr_block": "0.0.0.0/0",
                            "route.1371098188.egress_only_gateway_id": "",
                            "route.1371098188.gateway_id": "",
                            "route.1371098188.instance_id": "",
                            "route.1371098188.ipv6_cidr_block": "",
                            "route.1371098188.nat_gateway_id": "nat-035ed8968bb9b2147",
                            "route.1371098188.network_interface_id": "",
                            "route.1371098188.vpc_peering_connection_id": "",
                            "tags.%": "5",
                            "tags.Name": "dev-natdc-routetable",
                            "tags.account_name": "jive-microservices-pipeline",
                            "tags.pipeline_phase": "dev",
                            "tags.region": "us-west-2",
                            "tags.sla": "non-prod",
                            "vpc_id": "vpc-94c7a4f0"
                        },
                        "meta": {},
                        "tainted": false
                    },
                    "deposed": [],
                    "provider": ""
                },
                "aws_route_table.natdc.2": {
                    "type": "aws_route_table",
                    "depends_on": [
                        "aws_nat_gateway.natgw.*",
                        "aws_vpc.main",
                        "aws_vpn_gateway.vgw"
                    ],
                    "primary": {
                        "id": "rtb-5ca03b3a",
                        "attributes": {
                            "id": "rtb-5ca03b3a",
                            "propagating_vgws.#": "1",
                            "propagating_vgws.2818938802": "vgw-23f62f3d",
                            "route.#": "1",
                            "route.1738252007.cidr_block": "0.0.0.0/0",
                            "route.1738252007.egress_only_gateway_id": "",
                            "route.1738252007.gateway_id": "",
                            "route.1738252007.instance_id": "",
                            "route.1738252007.ipv6_cidr_block": "",
                            "route.1738252007.nat_gateway_id": "nat-0af5efb45a151abb5",
                            "route.1738252007.network_interface_id": "",
                            "route.1738252007.vpc_peering_connection_id": "",
                            "tags.%": "5",
                            "tags.Name": "dev-natdc-routetable",
                            "tags.account_name": "jive-microservices-pipeline",
                            "tags.pipeline_phase": "dev",
                            "tags.region": "us-west-2",
                            "tags.sla": "non-prod",
                            "vpc_id": "vpc-94c7a4f0"
                        },
                        "meta": {},
                        "tainted": false
                    },
                    "deposed": [],
                    "provider": ""
                },
                "aws_route_table.private": {
                    "type": "aws_route_table",
                    "depends_on": [
                        "aws_vpc.main"
                    ],
                    "primary": {
                        "id": "rtb-6180d005",
                        "attributes": {
                            "id": "rtb-6180d005",
                            "propagating_vgws.#": "0",
                            "route.#": "1",
                            "route.3268852685.cidr_block": "10.127.30.7/32",
                            "route.3268852685.egress_only_gateway_id": "",
                            "route.3268852685.gateway_id": "",
                            "route.3268852685.instance_id": "",
                            "route.3268852685.ipv6_cidr_block": "",
                            "route.3268852685.nat_gateway_id": "",
                            "route.3268852685.network_interface_id": "",
                            "route.3268852685.vpc_peering_connection_id": "pcx-4ceb5a25",
                            "tags.%": "5",
                            "tags.Name": "dev-private-routetable",
                            "tags.account_name": "jive-microservices-pipeline",
                            "tags.pipeline_phase": "dev",
                            "tags.region": "us-west-2",
                            "tags.sla": "non-prod",
                            "vpc_id": "vpc-94c7a4f0"
                        },
                        "meta": {},
                        "tainted": false
                    },
                    "deposed": [],
                    "provider": ""
                },
                "aws_route_table.public": {
                    "type": "aws_route_table",
                    "depends_on": [
                        "aws_internet_gateway.igw",
                        "aws_vpc.main"
                    ],
                    "primary": {
                        "id": "rtb-6380d007",
                        "attributes": {
                            "id": "rtb-6380d007",
                            "propagating_vgws.#": "0",
                            "route.#": "2",
                            "route.3268852685.cidr_block": "10.127.30.7/32",
                            "route.3268852685.egress_only_gateway_id": "",
                            "route.3268852685.gateway_id": "",
                            "route.3268852685.instance_id": "",
                            "route.3268852685.ipv6_cidr_block": "",
                            "route.3268852685.nat_gateway_id": "",
                            "route.3268852685.network_interface_id": "",
                            "route.3268852685.vpc_peering_connection_id": "pcx-4ceb5a25",
                            "route.759187421.cidr_block": "0.0.0.0/0",
                            "route.759187421.egress_only_gateway_id": "",
                            "route.759187421.gateway_id": "igw-40917424",
                            "route.759187421.instance_id": "",
                            "route.759187421.ipv6_cidr_block": "",
                            "route.759187421.nat_gateway_id": "",
                            "route.759187421.network_interface_id": "",
                            "route.759187421.vpc_peering_connection_id": "",
                            "tags.%": "6",
                            "tags.KubernetesCluster": "us-west-2_jive-microservices-pipeline",
                            "tags.Name": "dev-public-routetable",
                            "tags.account_name": "jive-microservices-pipeline",
                            "tags.pipeline_phase": "dev",
                            "tags.region": "us-west-2",
                            "tags.sla": "non-prod",
                            "vpc_id": "vpc-94c7a4f0"
                        },
                        "meta": {},
                        "tainted": false
                    },
                    "deposed": [],
                    "provider": ""
                },
                "aws_route_table_association.natdc.0": {
                    "type": "aws_route_table_association",
                    "depends_on": [
                        "aws_route_table.natdc.*",
                        "aws_subnet.natdc.*"
                    ],
                    "primary": {
                        "id": "rtbassoc-f64f9b91",
                        "attributes": {
                            "id": "rtbassoc-f64f9b91",
                            "route_table_id": "rtb-e080d084",
                            "subnet_id": "subnet-83e95af5"
                        },
                        "meta": {},
                        "tainted": false
                    },
                    "deposed": [],
                    "provider": ""
                },
                "aws_route_table_association.natdc.1": {
                    "type": "aws_route_table_association",
                    "depends_on": [
                        "aws_route_table.natdc.*",
                        "aws_subnet.natdc.*"
                    ],
                    "primary": {
                        "id": "rtbassoc-19bad960",
                        "attributes": {
                            "id": "rtbassoc-19bad960",
                            "route_table_id": "rtb-95a338f3",
                            "subnet_id": "subnet-cd31f495"
                        },
                        "meta": {},
                        "tainted": false
                    },
                    "deposed": [],
                    "provider": ""
                },
                "aws_route_table_association.natdc.2": {
                    "type": "aws_route_table_association",
                    "depends_on": [
                        "aws_route_table.natdc.*",
                        "aws_subnet.natdc.*"
                    ],
                    "primary": {
                        "id": "rtbassoc-6dbcdf14",
                        "attributes": {
                            "id": "rtbassoc-6dbcdf14",
                            "route_table_id": "rtb-5ca03b3a",
                            "subnet_id": "subnet-ece97188"
                        },
                        "meta": {},
                        "tainted": false
                    },
                    "deposed": [],
                    "provider": ""
                },
                "aws_route_table_association.private.0": {
                    "type": "aws_route_table_association",
                    "depends_on": [
                        "aws_route_table.private",
                        "aws_subnet.private"
                    ],
                    "primary": {
                        "id": "rtbassoc-bb4e9adc",
                        "attributes": {
                            "id": "rtbassoc-bb4e9adc",
                            "route_table_id": "rtb-6180d005",
                            "subnet_id": "subnet-e7e97183"
                        },
                        "meta": {},
                        "tainted": false
                    },
                    "deposed": [],
                    "provider": ""
                },
                "aws_route_table_association.private.1": {
                    "type": "aws_route_table_association",
                    "depends_on": [
                        "aws_route_table.private",
                        "aws_subnet.private"
                    ],
                    "primary": {
                        "id": "rtbassoc-ba4e9add",
                        "attributes": {
                            "id": "rtbassoc-ba4e9add",
                            "route_table_id": "rtb-6180d005",
                            "subnet_id": "subnet-85e95af3"
                        },
                        "meta": {},
                        "tainted": false
                    },
                    "deposed": [],
                    "provider": ""
                },
                "aws_route_table_association.private.2": {
                    "type": "aws_route_table_association",
                    "depends_on": [
                        "aws_route_table.private",
                        "aws_subnet.private"
                    ],
                    "primary": {
                        "id": "rtbassoc-bc4e9adb",
                        "attributes": {
                            "id": "rtbassoc-bc4e9adb",
                            "route_table_id": "rtb-6180d005",
                            "subnet_id": "subnet-c831f490"
                        },
                        "meta": {},
                        "tainted": false
                    },
                    "deposed": [],
                    "provider": ""
                },
                "aws_route_table_association.public.0": {
                    "type": "aws_route_table_association",
                    "depends_on": [
                        "aws_route_table.public",
                        "aws_subnet.public"
                    ],
                    "primary": {
                        "id": "rtbassoc-874e9ae0",
                        "attributes": {
                            "id": "rtbassoc-874e9ae0",
                            "route_table_id": "rtb-6380d007",
                            "subnet_id": "subnet-e6e97182"
                        },
                        "meta": {},
                        "tainted": false
                    },
                    "deposed": [],
                    "provider": ""
                },
                "aws_route_table_association.public.1": {
                    "type": "aws_route_table_association",
                    "depends_on": [
                        "aws_route_table.public",
                        "aws_subnet.public"
                    ],
                    "primary": {
                        "id": "rtbassoc-b84e9adf",
                        "attributes": {
                            "id": "rtbassoc-b84e9adf",
                            "route_table_id": "rtb-6380d007",
                            "subnet_id": "subnet-82e95af4"
                        },
                        "meta": {},
                        "tainted": false
                    },
                    "deposed": [],
                    "provider": ""
                },
                "aws_route_table_association.public.2": {
                    "type": "aws_route_table_association",
                    "depends_on": [
                        "aws_route_table.public",
                        "aws_subnet.public"
                    ],
                    "primary": {
                        "id": "rtbassoc-864e9ae1",
                        "attributes": {
                            "id": "rtbassoc-864e9ae1",
                            "route_table_id": "rtb-6380d007",
                            "subnet_id": "subnet-cc31f494"
                        },
                        "meta": {},
                        "tainted": false
                    },
                    "deposed": [],
                    "provider": ""
                },
                "aws_security_group.env_instance": {
                    "type": "aws_security_group",
                    "depends_on": [
                        "aws_vpc.main",
                        "data.aws_security_group.bastion"
                    ],
                    "primary": {
                        "id": "sg-74338112",
                        "attributes": {
                            "description": "All instances within the evironment",
                            "egress.#": "1",
                            "egress.482069346.cidr_blocks.#": "1",
                            "egress.482069346.cidr_blocks.0": "0.0.0.0/0",
                            "egress.482069346.from_port": "0",
                            "egress.482069346.ipv6_cidr_blocks.#": "0",
                            "egress.482069346.prefix_list_ids.#": "0",
                            "egress.482069346.protocol": "-1",
                            "egress.482069346.security_groups.#": "0",
                            "egress.482069346.self": "false",
                            "egress.482069346.to_port": "0",
                            "id": "sg-74338112",
                            "ingress.#": "2",
                            "ingress.2951219055.cidr_blocks.#": "0",
                            "ingress.2951219055.from_port": "8",
                            "ingress.2951219055.ipv6_cidr_blocks.#": "0",
                            "ingress.2951219055.protocol": "icmp",
                            "ingress.2951219055.security_groups.#": "1",
                            "ingress.2951219055.security_groups.2146047144": "sg-23aad044",
                            "ingress.2951219055.self": "false",
                            "ingress.2951219055.to_port": "0",
                            "ingress.312269004.cidr_blocks.#": "0",
                            "ingress.312269004.from_port": "22",
                            "ingress.312269004.ipv6_cidr_blocks.#": "0",
                            "ingress.312269004.protocol": "tcp",
                            "ingress.312269004.security_groups.#": "1",
                            "ingress.312269004.security_groups.2146047144": "sg-23aad044",
                            "ingress.312269004.self": "false",
                            "ingress.312269004.to_port": "22",
                            "name": "dev-instance",
                            "owner_id": "811034720611",
                            "tags.%": "5",
                            "tags.Name": "dev-instance",
                            "tags.account_name": "jive-microservices-pipeline",
                            "tags.pipeline_phase": "dev",
                            "tags.region": "us-west-2",
                            "tags.sla": "non-prod",
                            "vpc_id": "vpc-94c7a4f0"
                        },
                        "meta": {},
                        "tainted": false
                    },
                    "deposed": [],
                    "provider": ""
                },
                "aws_subnet.natdc.0": {
                    "type": "aws_subnet",
                    "depends_on": [
                        "aws_vpc.main"
                    ],
                    "primary": {
                        "id": "subnet-ece97188",
                        "attributes": {
                            "assign_ipv6_address_on_creation": "false",
                            "availability_zone": "us-west-2a",
                            "cidr_block": "10.124.16.0/24",
                            "id": "subnet-ece97188",
                            "map_public_ip_on_launch": "false",
                            "tags.%": "7",
                            "tags.KubernetesCluster": "us-west-2_jive-microservices-pipeline",
                            "tags.Name": "dev-natdc-subnet",
                            "tags.account_name": "jive-microservices-pipeline",
                            "tags.kubernetes.io/role/internal-elb": "us-west-2_jive-microservices-pipeline",
                            "tags.pipeline_phase": "dev",
                            "tags.region": "us-west-2",
                            "tags.sla": "non-prod",
                            "vpc_id": "vpc-94c7a4f0"
                        },
                        "meta": {},
                        "tainted": false
                    },
                    "deposed": [],
                    "provider": ""
                },
                "aws_subnet.natdc.1": {
                    "type": "aws_subnet",
                    "depends_on": [
                        "aws_vpc.main"
                    ],
                    "primary": {
                        "id": "subnet-83e95af5",
                        "attributes": {
                            "assign_ipv6_address_on_creation": "false",
                            "availability_zone": "us-west-2b",
                            "cidr_block": "10.124.17.0/24",
                            "id": "subnet-83e95af5",
                            "map_public_ip_on_launch": "false",
                            "tags.%": "7",
                            "tags.KubernetesCluster": "us-west-2_jive-microservices-pipeline",
                            "tags.Name": "dev-natdc-subnet",
                            "tags.account_name": "jive-microservices-pipeline",
                            "tags.kubernetes.io/role/internal-elb": "us-west-2_jive-microservices-pipeline",
                            "tags.pipeline_phase": "dev",
                            "tags.region": "us-west-2",
                            "tags.sla": "non-prod",
                            "vpc_id": "vpc-94c7a4f0"
                        },
                        "meta": {},
                        "tainted": false
                    },
                    "deposed": [],
                    "provider": ""
                },
                "aws_subnet.natdc.2": {
                    "type": "aws_subnet",
                    "depends_on": [
                        "aws_vpc.main"
                    ],
                    "primary": {
                        "id": "subnet-cd31f495",
                        "attributes": {
                            "assign_ipv6_address_on_creation": "false",
                            "availability_zone": "us-west-2c",
                            "cidr_block": "10.124.18.0/24",
                            "id": "subnet-cd31f495",
                            "map_public_ip_on_launch": "false",
                            "tags.%": "7",
                            "tags.KubernetesCluster": "us-west-2_jive-microservices-pipeline",
                            "tags.Name": "dev-natdc-subnet",
                            "tags.account_name": "jive-microservices-pipeline",
                            "tags.kubernetes.io/role/internal-elb": "us-west-2_jive-microservices-pipeline",
                            "tags.pipeline_phase": "dev",
                            "tags.region": "us-west-2",
                            "tags.sla": "non-prod",
                            "vpc_id": "vpc-94c7a4f0"
                        },
                        "meta": {},
                        "tainted": false
                    },
                    "deposed": [],
                    "provider": ""
                },
                "aws_subnet.private.0": {
                    "type": "aws_subnet",
                    "depends_on": [
                        "aws_vpc.main"
                    ],
                    "primary": {
                        "id": "subnet-e7e97183",
                        "attributes": {
                            "assign_ipv6_address_on_creation": "false",
                            "availability_zone": "us-west-2a",
                            "cidr_block": "10.124.19.96/27",
                            "id": "subnet-e7e97183",
                            "map_public_ip_on_launch": "false",
                            "tags.%": "5",
                            "tags.Name": "dev-private-subnet",
                            "tags.account_name": "jive-microservices-pipeline",
                            "tags.pipeline_phase": "dev",
                            "tags.region": "us-west-2",
                            "tags.sla": "non-prod",
                            "vpc_id": "vpc-94c7a4f0"
                        },
                        "meta": {},
                        "tainted": false
                    },
                    "deposed": [],
                    "provider": ""
                },
                "aws_subnet.private.1": {
                    "type": "aws_subnet",
                    "depends_on": [
                        "aws_vpc.main"
                    ],
                    "primary": {
                        "id": "subnet-85e95af3",
                        "attributes": {
                            "assign_ipv6_address_on_creation": "false",
                            "availability_zone": "us-west-2b",
                            "cidr_block": "10.124.19.128/27",
                            "id": "subnet-85e95af3",
                            "map_public_ip_on_launch": "false",
                            "tags.%": "5",
                            "tags.Name": "dev-private-subnet",
                            "tags.account_name": "jive-microservices-pipeline",
                            "tags.pipeline_phase": "dev",
                            "tags.region": "us-west-2",
                            "tags.sla": "non-prod",
                            "vpc_id": "vpc-94c7a4f0"
                        },
                        "meta": {},
                        "tainted": false
                    },
                    "deposed": [],
                    "provider": ""
                },
                "aws_subnet.private.2": {
                    "type": "aws_subnet",
                    "depends_on": [
                        "aws_vpc.main"
                    ],
                    "primary": {
                        "id": "subnet-c831f490",
                        "attributes": {
                            "assign_ipv6_address_on_creation": "false",
                            "availability_zone": "us-west-2c",
                            "cidr_block": "10.124.19.160/27",
                            "id": "subnet-c831f490",
                            "map_public_ip_on_launch": "false",
                            "tags.%": "5",
                            "tags.Name": "dev-private-subnet",
                            "tags.account_name": "jive-microservices-pipeline",
                            "tags.pipeline_phase": "dev",
                            "tags.region": "us-west-2",
                            "tags.sla": "non-prod",
                            "vpc_id": "vpc-94c7a4f0"
                        },
                        "meta": {},
                        "tainted": false
                    },
                    "deposed": [],
                    "provider": ""
                },
                "aws_subnet.public.0": {
                    "type": "aws_subnet",
                    "depends_on": [
                        "aws_vpc.main"
                    ],
                    "primary": {
                        "id": "subnet-e6e97182",
                        "attributes": {
                            "assign_ipv6_address_on_creation": "false",
                            "availability_zone": "us-west-2a",
                            "cidr_block": "10.124.19.0/27",
                            "id": "subnet-e6e97182",
                            "map_public_ip_on_launch": "false",
                            "tags.%": "6",
                            "tags.KubernetesCluster": "us-west-2_jive-microservices-pipeline",
                            "tags.Name": "dev-public-subnet",
                            "tags.account_name": "jive-microservices-pipeline",
                            "tags.pipeline_phase": "dev",
                            "tags.region": "us-west-2",
                            "tags.sla": "non-prod",
                            "vpc_id": "vpc-94c7a4f0"
                        },
                        "meta": {},
                        "tainted": false
                    },
                    "deposed": [],
                    "provider": ""
                },
                "aws_subnet.public.1": {
                    "type": "aws_subnet",
                    "depends_on": [
                        "aws_vpc.main"
                    ],
                    "primary": {
                        "id": "subnet-82e95af4",
                        "attributes": {
                            "assign_ipv6_address_on_creation": "false",
                            "availability_zone": "us-west-2b",
                            "cidr_block": "10.124.19.32/27",
                            "id": "subnet-82e95af4",
                            "map_public_ip_on_launch": "false",
                            "tags.%": "6",
                            "tags.KubernetesCluster": "us-west-2_jive-microservices-pipeline",
                            "tags.Name": "dev-public-subnet",
                            "tags.account_name": "jive-microservices-pipeline",
                            "tags.pipeline_phase": "dev",
                            "tags.region": "us-west-2",
                            "tags.sla": "non-prod",
                            "vpc_id": "vpc-94c7a4f0"
                        },
                        "meta": {},
                        "tainted": false
                    },
                    "deposed": [],
                    "provider": ""
                },
                "aws_subnet.public.2": {
                    "type": "aws_subnet",
                    "depends_on": [
                        "aws_vpc.main"
                    ],
                    "primary": {
                        "id": "subnet-cc31f494",
                        "attributes": {
                            "assign_ipv6_address_on_creation": "false",
                            "availability_zone": "us-west-2c",
                            "cidr_block": "10.124.19.64/27",
                            "id": "subnet-cc31f494",
                            "map_public_ip_on_launch": "false",
                            "tags.%": "6",
                            "tags.KubernetesCluster": "us-west-2_jive-microservices-pipeline",
                            "tags.Name": "dev-public-subnet",
                            "tags.account_name": "jive-microservices-pipeline",
                            "tags.pipeline_phase": "dev",
                            "tags.region": "us-west-2",
                            "tags.sla": "non-prod",
                            "vpc_id": "vpc-94c7a4f0"
                        },
                        "meta": {},
                        "tainted": false
                    },
                    "deposed": [],
                    "provider": ""
                },
                "aws_vpc.main": {
                    "type": "aws_vpc",
                    "depends_on": [],
                    "primary": {
                        "id": "vpc-94c7a4f0",
                        "attributes": {
                            "assign_generated_ipv6_cidr_block": "false",
                            "cidr_block": "10.124.16.0/22",
                            "default_network_acl_id": "acl-97cfb6f3",
                            "default_route_table_id": "rtb-6480d000",
                            "default_security_group_id": "sg-65338103",
                            "dhcp_options_id": "dopt-a5a8cec0",
                            "enable_classiclink": "false",
                            "enable_dns_hostnames": "true",
                            "enable_dns_support": "true",
                            "id": "vpc-94c7a4f0",
                            "instance_tenancy": "default",
                            "main_route_table_id": "rtb-6480d000",
                            "tags.%": "5",
                            "tags.Name": "dev-vpc",
                            "tags.account_name": "jive-microservices-pipeline",
                            "tags.pipeline_phase": "dev",
                            "tags.region": "us-west-2",
                            "tags.sla": "non-prod"
                        },
                        "meta": {
                            "schema_version": "1"
                        },
                        "tainted": false
                    },
                    "deposed": [],
                    "provider": ""
                },
                "aws_vpc_peering_connection.infra": {
                    "type": "aws_vpc_peering_connection",
                    "depends_on": [
                        "aws_vpc.main"
                    ],
                    "primary": {
                        "id": "pcx-4ceb5a25",
                        "attributes": {
                            "accept_status": "active",
                            "accepter.#": "1",
                            "accepter.3244290774.allow_classic_link_to_remote_vpc": "false",
                            "accepter.3244290774.allow_remote_vpc_dns_resolution": "false",
                            "accepter.3244290774.allow_vpc_to_remote_classic_link": "false",
                            "auto_accept": "true",
                            "id": "pcx-4ceb5a25",
                            "peer_owner_id": "811034720611",
                            "peer_vpc_id": "vpc-27468e43",
                            "requester.#": "1",
                            "requester.3244290774.allow_classic_link_to_remote_vpc": "false",
                            "requester.3244290774.allow_remote_vpc_dns_resolution": "false",
                            "requester.3244290774.allow_vpc_to_remote_classic_link": "false",
                            "tags.%": "5",
                            "tags.Name": "dev_to_infra-jive-microservices-pipeline",
                            "tags.account_name": "jive-microservices-pipeline",
                            "tags.pipeline_phase": "dev",
                            "tags.region": "us-west-2",
                            "tags.sla": "non-prod",
                            "vpc_id": "vpc-94c7a4f0"
                        },
                        "meta": {},
                        "tainted": false
                    },
                    "deposed": [],
                    "provider": ""
                },
                "aws_vpn_connection.corp_main": {
                    "type": "aws_vpn_connection",
                    "depends_on": [
                        "aws_vpn_gateway.vgw"
                    ],
                    "primary": {
                        "id": "vpn-987c648a",
                        "attributes": {
                            "customer_gateway_configuration": "\u003c?xml version=\"1.0\" encoding=\"UTF-8\"?\u003e\n\u003cvpn_connection id=\"vpn-987c648a\"\u003e\n  \u003ccustomer_gateway_id\u003ecgw-27944f39\u003c/customer_gateway_id\u003e\n  \u003cvpn_gateway_id\u003evgw-23f62f3d\u003c/vpn_gateway_id\u003e\n  \u003cvpn_connection_type\u003eipsec.1\u003c/vpn_connection_type\u003e\n  \u003cvpn_connection_attributes\u003eNoBGPVPNConnection\u003c/vpn_connection_attributes\u003e\n  \u003cipsec_tunnel\u003e\n    \u003ccustomer_gateway\u003e\n      \u003ctunnel_outside_address\u003e\n        \u003cip_address\u003e204.93.66.3\u003c/ip_address\u003e\n      \u003c/tunnel_outside_address\u003e\n      \u003ctunnel_inside_address\u003e\n        \u003cip_address\u003e169.254.12.222\u003c/ip_address\u003e\n        \u003cnetwork_mask\u003e255.255.255.252\u003c/network_mask\u003e\n        \u003cnetwork_cidr\u003e30\u003c/network_cidr\u003e\n      \u003c/tunnel_inside_address\u003e\n    \u003c/customer_gateway\u003e\n    \u003cvpn_gateway\u003e\n      \u003ctunnel_outside_address\u003e\n        \u003cip_address\u003e35.166.18.236\u003c/ip_address\u003e\n      \u003c/tunnel_outside_address\u003e\n      \u003ctunnel_inside_address\u003e\n        \u003cip_address\u003e169.254.12.221\u003c/ip_address\u003e\n        \u003cnetwork_mask\u003e255.255.255.252\u003c/network_mask\u003e\n        \u003cnetwork_cidr\u003e30\u003c/network_cidr\u003e\n      \u003c/tunnel_inside_address\u003e\n    \u003c/vpn_gateway\u003e\n    \u003cike\u003e\n      \u003cauthentication_protocol\u003esha1\u003c/authentication_protocol\u003e\n      \u003cencryption_protocol\u003eaes-128-cbc\u003c/encryption_protocol\u003e\n      \u003clifetime\u003e28800\u003c/lifetime\u003e\n      \u003cperfect_forward_secrecy\u003egroup2\u003c/perfect_forward_secrecy\u003e\n      \u003cmode\u003emain\u003c/mode\u003e\n      \u003cpre_shared_key\u003e6Yrkre6XPqc6OBNoXf4WUbq0RvkD.fQ4\u003c/pre_shared_key\u003e\n    \u003c/ike\u003e\n    \u003cipsec\u003e\n      \u003cprotocol\u003eesp\u003c/protocol\u003e\n      \u003cauthentication_protocol\u003ehmac-sha1-96\u003c/authentication_protocol\u003e\n      \u003cencryption_protocol\u003eaes-128-cbc\u003c/encryption_protocol\u003e\n      \u003clifetime\u003e3600\u003c/lifetime\u003e\n      \u003cperfect_forward_secrecy\u003egroup2\u003c/perfect_forward_secrecy\u003e\n      \u003cmode\u003etunnel\u003c/mode\u003e\n      \u003cclear_df_bit\u003etrue\u003c/clear_df_bit\u003e\n      \u003cfragmentation_before_encryption\u003etrue\u003c/fragmentation_before_encryption\u003e\n      \u003ctcp_mss_adjustment\u003e1379\u003c/tcp_mss_adjustment\u003e\n      \u003cdead_peer_detection\u003e\n        \u003cinterval\u003e10\u003c/interval\u003e\n        \u003cretries\u003e3\u003c/retries\u003e\n      \u003c/dead_peer_detection\u003e\n    \u003c/ipsec\u003e\n  \u003c/ipsec_tunnel\u003e\n  \u003cipsec_tunnel\u003e\n    \u003ccustomer_gateway\u003e\n      \u003ctunnel_outside_address\u003e\n        \u003cip_address\u003e204.93.66.3\u003c/ip_address\u003e\n      \u003c/tunnel_outside_address\u003e\n      \u003ctunnel_inside_address\u003e\n        \u003cip_address\u003e169.254.15.82\u003c/ip_address\u003e\n        \u003cnetwork_mask\u003e255.255.255.252\u003c/network_mask\u003e\n        \u003cnetwork_cidr\u003e30\u003c/network_cidr\u003e\n      \u003c/tunnel_inside_address\u003e\n    \u003c/customer_gateway\u003e\n    \u003cvpn_gateway\u003e\n      \u003ctunnel_outside_address\u003e\n        \u003cip_address\u003e52.42.191.121\u003c/ip_address\u003e\n      \u003c/tunnel_outside_address\u003e\n      \u003ctunnel_inside_address\u003e\n        \u003cip_address\u003e169.254.15.81\u003c/ip_address\u003e\n        \u003cnetwork_mask\u003e255.255.255.252\u003c/network_mask\u003e\n        \u003cnetwork_cidr\u003e30\u003c/network_cidr\u003e\n      \u003c/tunnel_inside_address\u003e\n    \u003c/vpn_gateway\u003e\n    \u003cike\u003e\n      \u003cauthentication_protocol\u003esha1\u003c/authentication_protocol\u003e\n      \u003cencryption_protocol\u003eaes-128-cbc\u003c/encryption_protocol\u003e\n      \u003clifetime\u003e28800\u003c/lifetime\u003e\n      \u003cperfect_forward_secrecy\u003egroup2\u003c/perfect_forward_secrecy\u003e\n      \u003cmode\u003emain\u003c/mode\u003e\n      \u003cpre_shared_key\u003eQv0NRjTzJWX_QupsliLW8sSTOVqpjX3X\u003c/pre_shared_key\u003e\n    \u003c/ike\u003e\n    \u003cipsec\u003e\n      \u003cprotocol\u003eesp\u003c/protocol\u003e\n      \u003cauthentication_protocol\u003ehmac-sha1-96\u003c/authentication_protocol\u003e\n      \u003cencryption_protocol\u003eaes-128-cbc\u003c/encryption_protocol\u003e\n      \u003clifetime\u003e3600\u003c/lifetime\u003e\n      \u003cperfect_forward_secrecy\u003egroup2\u003c/perfect_forward_secrecy\u003e\n      \u003cmode\u003etunnel\u003c/mode\u003e\n      \u003cclear_df_bit\u003etrue\u003c/clear_df_bit\u003e\n      \u003cfragmentation_before_encryption\u003etrue\u003c/fragmentation_before_encryption\u003e\n      \u003ctcp_mss_adjustment\u003e1379\u003c/tcp_mss_adjustment\u003e\n      \u003cdead_peer_detection\u003e\n        \u003cinterval\u003e10\u003c/interval\u003e\n        \u003cretries\u003e3\u003c/retries\u003e\n      \u003c/dead_peer_detection\u003e\n    \u003c/ipsec\u003e\n  \u003c/ipsec_tunnel\u003e\n\u003c/vpn_connection\u003e\n",
                            "customer_gateway_id": "cgw-27944f39",
                            "id": "vpn-987c648a",
                            "routes.#": "8",
                            "routes.1662141942.destination_cidr_block": "10.46.0.0/16",
                            "routes.1662141942.source": "",
                            "routes.1662141942.state": "available",
                            "routes.1720902168.destination_cidr_block": "10.61.0.0/16",
                            "routes.1720902168.source": "",
                            "routes.1720902168.state": "available",
                            "routes.1856423114.destination_cidr_block": "10.5.0.0/16",
                            "routes.1856423114.source": "",
                            "routes.1856423114.state": "available",
                            "routes.2664906423.destination_cidr_block": "10.84.0.0/16",
                            "routes.2664906423.source": "",
                            "routes.2664906423.state": "available",
                            "routes.2758324806.destination_cidr_block": "10.7.0.0/16",
                            "routes.2758324806.source": "",
                            "routes.2758324806.state": "available",
                            "routes.3042832040.destination_cidr_block": "10.81.0.0/16",
                            "routes.3042832040.source": "",
                            "routes.3042832040.state": "available",
                            "routes.3239020800.destination_cidr_block": "10.6.0.0/16",
                            "routes.3239020800.source": "",
                            "routes.3239020800.state": "available",
                            "routes.452240226.destination_cidr_block": "10.82.0.0/16",
                            "routes.452240226.source": "",
                            "routes.452240226.state": "available",
                            "static_routes_only": "true",
                            "tags.%": "5",
                            "tags.Name": "dev-jive-vpn",
                            "tags.account_name": "jive-microservices-pipeline",
                            "tags.pipeline_phase": "dev",
                            "tags.region": "us-west-2",
                            "tags.sla": "non-prod",
                            "tunnel1_address": "35.166.18.236",
                            "tunnel1_preshared_key": "6Yrkre6XPqc6OBNoXf4WUbq0RvkD.fQ4",
                            "tunnel2_address": "52.42.191.121",
                            "tunnel2_preshared_key": "Qv0NRjTzJWX_QupsliLW8sSTOVqpjX3X",
                            "type": "ipsec.1",
                            "vgw_telemetry.#": "2",
                            "vgw_telemetry.4169465165.accepted_route_count": "8",
                            "vgw_telemetry.4169465165.last_status_change": "2017-03-16 22:16:37 +0000 UTC",
                            "vgw_telemetry.4169465165.outside_ip_address": "35.166.18.236",
                            "vgw_telemetry.4169465165.status": "UP",
                            "vgw_telemetry.4169465165.status_message": "",
                            "vgw_telemetry.4292621252.accepted_route_count": "8",
                            "vgw_telemetry.4292621252.last_status_change": "2017-03-17 17:15:26 +0000 UTC",
                            "vgw_telemetry.4292621252.outside_ip_address": "52.42.191.121",
                            "vgw_telemetry.4292621252.status": "UP",
                            "vgw_telemetry.4292621252.status_message": "",
                            "vpn_gateway_id": "vgw-23f62f3d"
                        },
                        "meta": {},
                        "tainted": false
                    },
                    "deposed": [],
                    "provider": ""
                },
                "aws_vpn_connection_route.route_10_46": {
                    "type": "aws_vpn_connection_route",
                    "depends_on": [
                        "aws_vpn_connection.corp_main"
                    ],
                    "primary": {
                        "id": "10.46.0.0/16:vpn-987c648a",
                        "attributes": {
                            "destination_cidr_block": "10.46.0.0/16",
                            "id": "10.46.0.0/16:vpn-987c648a",
                            "vpn_connection_id": "vpn-987c648a"
                        },
                        "meta": {},
                        "tainted": false
                    },
                    "deposed": [],
                    "provider": ""
                },
                "aws_vpn_connection_route.route_10_5": {
                    "type": "aws_vpn_connection_route",
                    "depends_on": [
                        "aws_vpn_connection.corp_main"
                    ],
                    "primary": {
                        "id": "10.5.0.0/16:vpn-987c648a",
                        "attributes": {
                            "destination_cidr_block": "10.5.0.0/16",
                            "id": "10.5.0.0/16:vpn-987c648a",
                            "vpn_connection_id": "vpn-987c648a"
                        },
                        "meta": {},
                        "tainted": false
                    },
                    "deposed": [],
                    "provider": ""
                },
                "aws_vpn_connection_route.route_10_6": {
                    "type": "aws_vpn_connection_route",
                    "depends_on": [
                        "aws_vpn_connection.corp_main"
                    ],
                    "primary": {
                        "id": "10.6.0.0/16:vpn-987c648a",
                        "attributes": {
                            "destination_cidr_block": "10.6.0.0/16",
                            "id": "10.6.0.0/16:vpn-987c648a",
                            "vpn_connection_id": "vpn-987c648a"
                        },
                        "meta": {},
                        "tainted": false
                    },
                    "deposed": [],
                    "provider": ""
                },
                "aws_vpn_connection_route.route_10_61": {
                    "type": "aws_vpn_connection_route",
                    "depends_on": [
                        "aws_vpn_connection.corp_main"
                    ],
                    "primary": {
                        "id": "10.61.0.0/16:vpn-987c648a",
                        "attributes": {
                            "destination_cidr_block": "10.61.0.0/16",
                            "id": "10.61.0.0/16:vpn-987c648a",
                            "vpn_connection_id": "vpn-987c648a"
                        },
                        "meta": {},
                        "tainted": false
                    },
                    "deposed": [],
                    "provider": ""
                },
                "aws_vpn_connection_route.route_10_7": {
                    "type": "aws_vpn_connection_route",
                    "depends_on": [
                        "aws_vpn_connection.corp_main"
                    ],
                    "primary": {
                        "id": "10.7.0.0/16:vpn-987c648a",
                        "attributes": {
                            "destination_cidr_block": "10.7.0.0/16",
                            "id": "10.7.0.0/16:vpn-987c648a",
                            "vpn_connection_id": "vpn-987c648a"
                        },
                        "meta": {},
                        "tainted": false
                    },
                    "deposed": [],
                    "provider": ""
                },
                "aws_vpn_connection_route.route_10_81": {
                    "type": "aws_vpn_connection_route",
                    "depends_on": [
                        "aws_vpn_connection.corp_main"
                    ],
                    "primary": {
                        "id": "10.81.0.0/16:vpn-987c648a",
                        "attributes": {
                            "destination_cidr_block": "10.81.0.0/16",
                            "id": "10.81.0.0/16:vpn-987c648a",
                            "vpn_connection_id": "vpn-987c648a"
                        },
                        "meta": {},
                        "tainted": false
                    },
                    "deposed": [],
                    "provider": ""
                },
                "aws_vpn_connection_route.route_10_82": {
                    "type": "aws_vpn_connection_route",
                    "depends_on": [
                        "aws_vpn_connection.corp_main"
                    ],
                    "primary": {
                        "id": "10.82.0.0/16:vpn-987c648a",
                        "attributes": {
                            "destination_cidr_block": "10.82.0.0/16",
                            "id": "10.82.0.0/16:vpn-987c648a",
                            "vpn_connection_id": "vpn-987c648a"
                        },
                        "meta": {},
                        "tainted": false
                    },
                    "deposed": [],
                    "provider": ""
                },
                "aws_vpn_connection_route.route_10_84": {
                    "type": "aws_vpn_connection_route",
                    "depends_on": [
                        "aws_vpn_connection.corp_main"
                    ],
                    "primary": {
                        "id": "10.84.0.0/16:vpn-987c648a",
                        "attributes": {
                            "destination_cidr_block": "10.84.0.0/16",
                            "id": "10.84.0.0/16:vpn-987c648a",
                            "vpn_connection_id": "vpn-987c648a"
                        },
                        "meta": {},
                        "tainted": false
                    },
                    "deposed": [],
                    "provider": ""
                },
                "aws_vpn_gateway.vgw": {
                    "type": "aws_vpn_gateway",
                    "depends_on": [
                        "aws_vpc.main"
                    ],
                    "primary": {
                        "id": "vgw-23f62f3d",
                        "attributes": {
                            "availability_zone": "",
                            "id": "vgw-23f62f3d",
                            "tags.%": "7",
                            "tags.Name": "dev-vgw",
                            "tags.account_name": "jive-microservices-pipeline",
                            "tags.jive_service": "infrastructure",
                            "tags.pipeline_phase": "dev",
                            "tags.region": "us-west-2",
                            "tags.service_component": "vpn_gateway",
                            "tags.sla": "non-prod",
                            "vpc_id": "vpc-94c7a4f0"
                        },
                        "meta": {},
                        "tainted": false
                    },
                    "deposed": [],
                    "provider": ""
                },
                "data.aws_security_group.bastion": {
                    "type": "aws_security_group",
                    "depends_on": [],
                    "primary": {
                        "id": "sg-23aad044",
                        "attributes": {
                            "filter.#": "1",
                            "filter.1988431066.name": "tag:jive_service",
                            "filter.1988431066.values.#": "1",
                            "filter.1988431066.values.2480389212": "infrastructure",
                            "id": "sg-23aad044",
                            "name": "infra-pipeline-jive-phx-dc",
                            "tags.%": "6",
                            "tags.Name": "infra-pipeline-jive-phx-dc",
                            "tags.account_name": "jive-microservices-pipeline",
                            "tags.jive_service": "infrastructure",
                            "tags.pipeline_phase": "infra-pipeline",
                            "tags.region": "us-west-2",
                            "tags.sla": "non-prod",
                            "vpc_id": "vpc-27468e43"
                        },
                        "meta": {},
                        "tainted": false
                    },
                    "deposed": [],
                    "provider": ""
                }
            },
            "depends_on": []
        }
    ]
}
