{
    "version": 3,
    "terraform_version": "0.9.4",
    "serial": 23,
    "lineage": "cc9f438b-efe9-4791-81aa-abf8dbc9bf47",
    "modules": [
        {
            "path": [
                "root"
            ],
            "outputs": {},
            "resources": {
                "aws_autoscaling_group.k8s_etcd_asg.0": {
                    "type": "aws_autoscaling_group",
                    "depends_on": [
                        "aws_eip.k8s_etcd_eip.*",
                        "aws_launch_configuration.k8s_etcd",
                        "data.aws_subnet.natdc.*",
                        "null_resource.k8s_cluster"
                    ],
                    "primary": {
                        "id": "prod-k8s-etcd-asg1",
                        "attributes": {
                            "arn": "arn:aws:autoscaling:us-west-2:663559125979:autoScalingGroup:acd5ff02-98e6-47eb-acad-3cbda7e4bc81:autoScalingGroupName/prod-k8s-etcd-asg1",
                            "availability_zones.#": "1",
                            "availability_zones.2487133097": "us-west-2a",
                            "default_cooldown": "300",
                            "desired_capacity": "1",
                            "force_delete": "false",
                            "health_check_grace_period": "300",
                            "health_check_type": "EC2",
                            "id": "prod-k8s-etcd-asg1",
                            "launch_configuration": "terraform-0048745335c6e6abeb889b3dd9",
                            "load_balancers.#": "0",
                            "max_size": "1",
                            "metrics_granularity": "1Minute",
                            "min_size": "1",
                            "name": "prod-k8s-etcd-asg1",
                            "placement_group": "",
                            "protect_from_scale_in": "false",
                            "suspended_processes.#": "0",
                            "tag.#": "10",
                            "tag.1362809775.key": "Jive_service",
                            "tag.1362809775.propagate_at_launch": "true",
                            "tag.1362809775.value": "us-west-2_jive-microservices-prod",
                            "tag.1514450370.key": "K8s_cluster",
                            "tag.1514450370.propagate_at_launch": "true",
                            "tag.1514450370.value": "us-west-2_jive-microservices-prod",
                            "tag.1800761002.key": "Etcd_ip",
                            "tag.1800761002.propagate_at_launch": "true",
                            "tag.1800761002.value": "10.124.97.203",
                            "tag.1816093544.key": "SLA",
                            "tag.1816093544.propagate_at_launch": "true",
                            "tag.1816093544.value": "prod",
                            "tag.1976696368.key": "Name",
                            "tag.1976696368.propagate_at_launch": "true",
                            "tag.1976696368.value": "prod-k8s-etcd-instance",
                            "tag.2408824618.key": "Hostname",
                            "tag.2408824618.propagate_at_launch": "true",
                            "tag.2408824618.value": "us-west-2_jive-microservices-prod-etcd1",
                            "tag.3187119633.key": "Service_component",
                            "tag.3187119633.propagate_at_launch": "true",
                            "tag.3187119633.value": "etcd",
                            "tag.3295208670.key": "KubernetesCluster",
                            "tag.3295208670.propagate_at_launch": "true",
                            "tag.3295208670.value": "us-west-2_jive-microservices-prod",
                            "tag.3821981812.key": "Pipeline_phase",
                            "tag.3821981812.propagate_at_launch": "true",
                            "tag.3821981812.value": "prod",
                            "tag.4279558224.key": "Region",
                            "tag.4279558224.propagate_at_launch": "true",
                            "tag.4279558224.value": "us-west-2",
                            "target_group_arns.#": "0",
                            "termination_policies.#": "0",
                            "vpc_zone_identifier.#": "1",
                            "vpc_zone_identifier.3673496457": "subnet-4e6c2038",
                            "wait_for_capacity_timeout": "10m"
                        },
                        "meta": {},
                        "tainted": false
                    },
                    "deposed": [],
                    "provider": ""
                },
                "aws_autoscaling_group.k8s_etcd_asg.1": {
                    "type": "aws_autoscaling_group",
                    "depends_on": [
                        "aws_eip.k8s_etcd_eip.*",
                        "aws_launch_configuration.k8s_etcd",
                        "data.aws_subnet.natdc.*",
                        "null_resource.k8s_cluster"
                    ],
                    "primary": {
                        "id": "prod-k8s-etcd-asg2",
                        "attributes": {
                            "arn": "arn:aws:autoscaling:us-west-2:663559125979:autoScalingGroup:ec97d420-5836-4331-9da4-4ae00f1dcfdf:autoScalingGroupName/prod-k8s-etcd-asg2",
                            "availability_zones.#": "1",
                            "availability_zones.221770259": "us-west-2b",
                            "default_cooldown": "300",
                            "desired_capacity": "1",
                            "force_delete": "false",
                            "health_check_grace_period": "300",
                            "health_check_type": "EC2",
                            "id": "prod-k8s-etcd-asg2",
                            "launch_configuration": "terraform-0048745335c6e6abeb889b3dd9",
                            "load_balancers.#": "0",
                            "max_size": "1",
                            "metrics_granularity": "1Minute",
                            "min_size": "1",
                            "name": "prod-k8s-etcd-asg2",
                            "placement_group": "",
                            "protect_from_scale_in": "false",
                            "suspended_processes.#": "0",
                            "tag.#": "10",
                            "tag.1362809775.key": "Jive_service",
                            "tag.1362809775.propagate_at_launch": "true",
                            "tag.1362809775.value": "us-west-2_jive-microservices-prod",
                            "tag.1514450370.key": "K8s_cluster",
                            "tag.1514450370.propagate_at_launch": "true",
                            "tag.1514450370.value": "us-west-2_jive-microservices-prod",
                            "tag.1816093544.key": "SLA",
                            "tag.1816093544.propagate_at_launch": "true",
                            "tag.1816093544.value": "prod",
                            "tag.1976696368.key": "Name",
                            "tag.1976696368.propagate_at_launch": "true",
                            "tag.1976696368.value": "prod-k8s-etcd-instance",
                            "tag.3187119633.key": "Service_component",
                            "tag.3187119633.propagate_at_launch": "true",
                            "tag.3187119633.value": "etcd",
                            "tag.3195774391.key": "Hostname",
                            "tag.3195774391.propagate_at_launch": "true",
                            "tag.3195774391.value": "us-west-2_jive-microservices-prod-etcd2",
                            "tag.3295208670.key": "KubernetesCluster",
                            "tag.3295208670.propagate_at_launch": "true",
                            "tag.3295208670.value": "us-west-2_jive-microservices-prod",
                            "tag.3821981812.key": "Pipeline_phase",
                            "tag.3821981812.propagate_at_launch": "true",
                            "tag.3821981812.value": "prod",
                            "tag.4279558224.key": "Region",
                            "tag.4279558224.propagate_at_launch": "true",
                            "tag.4279558224.value": "us-west-2",
                            "tag.844215098.key": "Etcd_ip",
                            "tag.844215098.propagate_at_launch": "true",
                            "tag.844215098.value": "10.124.103.52",
                            "target_group_arns.#": "0",
                            "termination_policies.#": "0",
                            "vpc_zone_identifier.#": "1",
                            "vpc_zone_identifier.2744802398": "subnet-0596a361",
                            "wait_for_capacity_timeout": "10m"
                        },
                        "meta": {},
                        "tainted": false
                    },
                    "deposed": [],
                    "provider": ""
                },
                "aws_autoscaling_group.k8s_etcd_asg.2": {
                    "type": "aws_autoscaling_group",
                    "depends_on": [
                        "aws_eip.k8s_etcd_eip.*",
                        "aws_launch_configuration.k8s_etcd",
                        "data.aws_subnet.natdc.*",
                        "null_resource.k8s_cluster"
                    ],
                    "primary": {
                        "id": "prod-k8s-etcd-asg3",
                        "attributes": {
                            "arn": "arn:aws:autoscaling:us-west-2:663559125979:autoScalingGroup:bb6c065c-67ba-405d-8a1c-bc69c65d3005:autoScalingGroupName/prod-k8s-etcd-asg3",
                            "availability_zones.#": "1",
                            "availability_zones.2050015877": "us-west-2c",
                            "default_cooldown": "300",
                            "desired_capacity": "1",
                            "force_delete": "false",
                            "health_check_grace_period": "300",
                            "health_check_type": "EC2",
                            "id": "prod-k8s-etcd-asg3",
                            "launch_configuration": "terraform-0048745335c6e6abeb889b3dd9",
                            "load_balancers.#": "0",
                            "max_size": "1",
                            "metrics_granularity": "1Minute",
                            "min_size": "1",
                            "name": "prod-k8s-etcd-asg3",
                            "placement_group": "",
                            "protect_from_scale_in": "false",
                            "suspended_processes.#": "0",
                            "tag.#": "10",
                            "tag.1125980907.key": "Etcd_ip",
                            "tag.1125980907.propagate_at_launch": "true",
                            "tag.1125980907.value": "10.124.107.101",
                            "tag.1362809775.key": "Jive_service",
                            "tag.1362809775.propagate_at_launch": "true",
                            "tag.1362809775.value": "us-west-2_jive-microservices-prod",
                            "tag.1514450370.key": "K8s_cluster",
                            "tag.1514450370.propagate_at_launch": "true",
                            "tag.1514450370.value": "us-west-2_jive-microservices-prod",
                            "tag.1816093544.key": "SLA",
                            "tag.1816093544.propagate_at_launch": "true",
                            "tag.1816093544.value": "prod",
                            "tag.1976696368.key": "Name",
                            "tag.1976696368.propagate_at_launch": "true",
                            "tag.1976696368.value": "prod-k8s-etcd-instance",
                            "tag.3187119633.key": "Service_component",
                            "tag.3187119633.propagate_at_launch": "true",
                            "tag.3187119633.value": "etcd",
                            "tag.3295208670.key": "KubernetesCluster",
                            "tag.3295208670.propagate_at_launch": "true",
                            "tag.3295208670.value": "us-west-2_jive-microservices-prod",
                            "tag.3821981812.key": "Pipeline_phase",
                            "tag.3821981812.propagate_at_launch": "true",
                            "tag.3821981812.value": "prod",
                            "tag.403484163.key": "Hostname",
                            "tag.403484163.propagate_at_launch": "true",
                            "tag.403484163.value": "us-west-2_jive-microservices-prod-etcd3",
                            "tag.4279558224.key": "Region",
                            "tag.4279558224.propagate_at_launch": "true",
                            "tag.4279558224.value": "us-west-2",
                            "target_group_arns.#": "0",
                            "termination_policies.#": "0",
                            "vpc_zone_identifier.#": "1",
                            "vpc_zone_identifier.2963790960": "subnet-6a75f632",
                            "wait_for_capacity_timeout": "10m"
                        },
                        "meta": {},
                        "tainted": false
                    },
                    "deposed": [],
                    "provider": ""
                },
                "aws_autoscaling_group.k8s_etcd_asg.3": {
                    "type": "aws_autoscaling_group",
                    "depends_on": [
                        "aws_eip.k8s_etcd_eip.*",
                        "aws_launch_configuration.k8s_etcd",
                        "data.aws_subnet.natdc.*",
                        "null_resource.k8s_cluster"
                    ],
                    "primary": {
                        "id": "prod-k8s-etcd-asg4",
                        "attributes": {
                            "arn": "arn:aws:autoscaling:us-west-2:663559125979:autoScalingGroup:aaf87c2f-72ba-4464-bfb0-45866faf89ee:autoScalingGroupName/prod-k8s-etcd-asg4",
                            "availability_zones.#": "1",
                            "availability_zones.2487133097": "us-west-2a",
                            "default_cooldown": "300",
                            "desired_capacity": "1",
                            "force_delete": "false",
                            "health_check_grace_period": "300",
                            "health_check_type": "EC2",
                            "id": "prod-k8s-etcd-asg4",
                            "launch_configuration": "terraform-0048745335c6e6abeb889b3dd9",
                            "load_balancers.#": "0",
                            "max_size": "1",
                            "metrics_granularity": "1Minute",
                            "min_size": "1",
                            "name": "prod-k8s-etcd-asg4",
                            "placement_group": "",
                            "protect_from_scale_in": "false",
                            "suspended_processes.#": "0",
                            "tag.#": "10",
                            "tag.1362809775.key": "Jive_service",
                            "tag.1362809775.propagate_at_launch": "true",
                            "tag.1362809775.value": "us-west-2_jive-microservices-prod",
                            "tag.1514450370.key": "K8s_cluster",
                            "tag.1514450370.propagate_at_launch": "true",
                            "tag.1514450370.value": "us-west-2_jive-microservices-prod",
                            "tag.1816093544.key": "SLA",
                            "tag.1816093544.propagate_at_launch": "true",
                            "tag.1816093544.value": "prod",
                            "tag.1976696368.key": "Name",
                            "tag.1976696368.propagate_at_launch": "true",
                            "tag.1976696368.value": "prod-k8s-etcd-instance",
                            "tag.2639469282.key": "Etcd_ip",
                            "tag.2639469282.propagate_at_launch": "true",
                            "tag.2639469282.value": "10.124.99.209",
                            "tag.3187119633.key": "Service_component",
                            "tag.3187119633.propagate_at_launch": "true",
                            "tag.3187119633.value": "etcd",
                            "tag.3295208670.key": "KubernetesCluster",
                            "tag.3295208670.propagate_at_launch": "true",
                            "tag.3295208670.value": "us-west-2_jive-microservices-prod",
                            "tag.3719008397.key": "Hostname",
                            "tag.3719008397.propagate_at_launch": "true",
                            "tag.3719008397.value": "us-west-2_jive-microservices-prod-etcd4",
                            "tag.3821981812.key": "Pipeline_phase",
                            "tag.3821981812.propagate_at_launch": "true",
                            "tag.3821981812.value": "prod",
                            "tag.4279558224.key": "Region",
                            "tag.4279558224.propagate_at_launch": "true",
                            "tag.4279558224.value": "us-west-2",
                            "target_group_arns.#": "0",
                            "termination_policies.#": "0",
                            "vpc_zone_identifier.#": "1",
                            "vpc_zone_identifier.3673496457": "subnet-4e6c2038",
                            "wait_for_capacity_timeout": "10m"
                        },
                        "meta": {},
                        "tainted": false
                    },
                    "deposed": [],
                    "provider": ""
                },
                "aws_autoscaling_group.k8s_etcd_asg.4": {
                    "type": "aws_autoscaling_group",
                    "depends_on": [
                        "aws_eip.k8s_etcd_eip.*",
                        "aws_launch_configuration.k8s_etcd",
                        "data.aws_subnet.natdc.*",
                        "null_resource.k8s_cluster"
                    ],
                    "primary": {
                        "id": "prod-k8s-etcd-asg5",
                        "attributes": {
                            "arn": "arn:aws:autoscaling:us-west-2:663559125979:autoScalingGroup:2363f000-77bb-4017-a97d-edd846d616f0:autoScalingGroupName/prod-k8s-etcd-asg5",
                            "availability_zones.#": "1",
                            "availability_zones.221770259": "us-west-2b",
                            "default_cooldown": "300",
                            "desired_capacity": "1",
                            "force_delete": "false",
                            "health_check_grace_period": "300",
                            "health_check_type": "EC2",
                            "id": "prod-k8s-etcd-asg5",
                            "launch_configuration": "terraform-0048745335c6e6abeb889b3dd9",
                            "load_balancers.#": "0",
                            "max_size": "1",
                            "metrics_granularity": "1Minute",
                            "min_size": "1",
                            "name": "prod-k8s-etcd-asg5",
                            "placement_group": "",
                            "protect_from_scale_in": "false",
                            "suspended_processes.#": "0",
                            "tag.#": "10",
                            "tag.1362809775.key": "Jive_service",
                            "tag.1362809775.propagate_at_launch": "true",
                            "tag.1362809775.value": "us-west-2_jive-microservices-prod",
                            "tag.1514450370.key": "K8s_cluster",
                            "tag.1514450370.propagate_at_launch": "true",
                            "tag.1514450370.value": "us-west-2_jive-microservices-prod",
                            "tag.1816093544.key": "SLA",
                            "tag.1816093544.propagate_at_launch": "true",
                            "tag.1816093544.value": "prod",
                            "tag.1976696368.key": "Name",
                            "tag.1976696368.propagate_at_launch": "true",
                            "tag.1976696368.value": "prod-k8s-etcd-instance",
                            "tag.2078055225.key": "Hostname",
                            "tag.2078055225.propagate_at_launch": "true",
                            "tag.2078055225.value": "us-west-2_jive-microservices-prod-etcd5",
                            "tag.3187119633.key": "Service_component",
                            "tag.3187119633.propagate_at_launch": "true",
                            "tag.3187119633.value": "etcd",
                            "tag.3295208670.key": "KubernetesCluster",
                            "tag.3295208670.propagate_at_launch": "true",
                            "tag.3295208670.value": "us-west-2_jive-microservices-prod",
                            "tag.3821981812.key": "Pipeline_phase",
                            "tag.3821981812.propagate_at_launch": "true",
                            "tag.3821981812.value": "prod",
                            "tag.4268829000.key": "Etcd_ip",
                            "tag.4268829000.propagate_at_launch": "true",
                            "tag.4268829000.value": "10.124.100.164",
                            "tag.4279558224.key": "Region",
                            "tag.4279558224.propagate_at_launch": "true",
                            "tag.4279558224.value": "us-west-2",
                            "target_group_arns.#": "0",
                            "termination_policies.#": "0",
                            "vpc_zone_identifier.#": "1",
                            "vpc_zone_identifier.2744802398": "subnet-0596a361",
                            "wait_for_capacity_timeout": "10m"
                        },
                        "meta": {},
                        "tainted": false
                    },
                    "deposed": [],
                    "provider": ""
                },
                "aws_autoscaling_group.k8s_etcd_asg.5": {
                    "type": "aws_autoscaling_group",
                    "depends_on": [
                        "aws_eip.k8s_etcd_eip.*",
                        "aws_launch_configuration.k8s_etcd",
                        "data.aws_subnet.natdc.*",
                        "null_resource.k8s_cluster"
                    ],
                    "primary": {
                        "id": "prod-k8s-etcd-asg6",
                        "attributes": {
                            "arn": "arn:aws:autoscaling:us-west-2:663559125979:autoScalingGroup:ad68e291-fb27-446b-9dee-70b945d251f6:autoScalingGroupName/prod-k8s-etcd-asg6",
                            "availability_zones.#": "1",
                            "availability_zones.2050015877": "us-west-2c",
                            "default_cooldown": "300",
                            "desired_capacity": "1",
                            "force_delete": "false",
                            "health_check_grace_period": "300",
                            "health_check_type": "EC2",
                            "id": "prod-k8s-etcd-asg6",
                            "launch_configuration": "terraform-0048745335c6e6abeb889b3dd9",
                            "load_balancers.#": "0",
                            "max_size": "1",
                            "metrics_granularity": "1Minute",
                            "min_size": "1",
                            "name": "prod-k8s-etcd-asg6",
                            "placement_group": "",
                            "protect_from_scale_in": "false",
                            "suspended_processes.#": "0",
                            "tag.#": "10",
                            "tag.1244955044.key": "Hostname",
                            "tag.1244955044.propagate_at_launch": "true",
                            "tag.1244955044.value": "us-west-2_jive-microservices-prod-etcd6",
                            "tag.1362809775.key": "Jive_service",
                            "tag.1362809775.propagate_at_launch": "true",
                            "tag.1362809775.value": "us-west-2_jive-microservices-prod",
                            "tag.1514450370.key": "K8s_cluster",
                            "tag.1514450370.propagate_at_launch": "true",
                            "tag.1514450370.value": "us-west-2_jive-microservices-prod",
                            "tag.1693481436.key": "Etcd_ip",
                            "tag.1693481436.propagate_at_launch": "true",
                            "tag.1693481436.value": "10.124.104.226",
                            "tag.1816093544.key": "SLA",
                            "tag.1816093544.propagate_at_launch": "true",
                            "tag.1816093544.value": "prod",
                            "tag.1976696368.key": "Name",
                            "tag.1976696368.propagate_at_launch": "true",
                            "tag.1976696368.value": "prod-k8s-etcd-instance",
                            "tag.3187119633.key": "Service_component",
                            "tag.3187119633.propagate_at_launch": "true",
                            "tag.3187119633.value": "etcd",
                            "tag.3295208670.key": "KubernetesCluster",
                            "tag.3295208670.propagate_at_launch": "true",
                            "tag.3295208670.value": "us-west-2_jive-microservices-prod",
                            "tag.3821981812.key": "Pipeline_phase",
                            "tag.3821981812.propagate_at_launch": "true",
                            "tag.3821981812.value": "prod",
                            "tag.4279558224.key": "Region",
                            "tag.4279558224.propagate_at_launch": "true",
                            "tag.4279558224.value": "us-west-2",
                            "target_group_arns.#": "0",
                            "termination_policies.#": "0",
                            "vpc_zone_identifier.#": "1",
                            "vpc_zone_identifier.2963790960": "subnet-6a75f632",
                            "wait_for_capacity_timeout": "10m"
                        },
                        "meta": {},
                        "tainted": false
                    },
                    "deposed": [],
                    "provider": ""
                },
                "aws_autoscaling_group.k8s_master": {
                    "type": "aws_autoscaling_group",
                    "depends_on": [
                        "aws_elb.k8s_master",
                        "aws_launch_configuration.k8s_master",
                        "null_resource.k8s_cluster"
                    ],
                    "primary": {
                        "id": "prod-k8s-master-asg1",
                        "attributes": {
                            "arn": "arn:aws:autoscaling:us-west-2:663559125979:autoScalingGroup:32dc6bd5-38f8-4d78-8f15-bf9c549c566b:autoScalingGroupName/prod-k8s-master-asg1",
                            "availability_zones.#": "1",
                            "availability_zones.2487133097": "us-west-2a",
                            "default_cooldown": "300",
                            "desired_capacity": "1",
                            "force_delete": "false",
                            "health_check_grace_period": "300",
                            "health_check_type": "EC2",
                            "id": "prod-k8s-master-asg1",
                            "launch_configuration": "terraform-00d2551d85c74a30c56d8aa7c8",
                            "load_balancers.#": "1",
                            "load_balancers.981953108": "prod-k8s-master-elb",
                            "max_size": "1",
                            "metrics_granularity": "1Minute",
                            "min_size": "1",
                            "name": "prod-k8s-master-asg1",
                            "placement_group": "",
                            "protect_from_scale_in": "false",
                            "suspended_processes.#": "0",
                            "tag.#": "9",
                            "tag.1362809775.key": "Jive_service",
                            "tag.1362809775.propagate_at_launch": "true",
                            "tag.1362809775.value": "us-west-2_jive-microservices-prod",
                            "tag.1514450370.key": "K8s_cluster",
                            "tag.1514450370.propagate_at_launch": "true",
                            "tag.1514450370.value": "us-west-2_jive-microservices-prod",
                            "tag.1816093544.key": "SLA",
                            "tag.1816093544.propagate_at_launch": "true",
                            "tag.1816093544.value": "prod",
                            "tag.3045791774.key": "Hostname",
                            "tag.3045791774.propagate_at_launch": "true",
                            "tag.3045791774.value": "us-west-2_jive-microservices-prod-master1",
                            "tag.3116370667.key": "Service_component",
                            "tag.3116370667.propagate_at_launch": "true",
                            "tag.3116370667.value": "k8s-master",
                            "tag.3295208670.key": "KubernetesCluster",
                            "tag.3295208670.propagate_at_launch": "true",
                            "tag.3295208670.value": "us-west-2_jive-microservices-prod",
                            "tag.349975964.key": "Name",
                            "tag.349975964.propagate_at_launch": "true",
                            "tag.349975964.value": "prod-k8s-master-instance",
                            "tag.3821981812.key": "Pipeline_phase",
                            "tag.3821981812.propagate_at_launch": "true",
                            "tag.3821981812.value": "prod",
                            "tag.4279558224.key": "Region",
                            "tag.4279558224.propagate_at_launch": "true",
                            "tag.4279558224.value": "us-west-2",
                            "target_group_arns.#": "0",
                            "termination_policies.#": "0",
                            "vpc_zone_identifier.#": "1",
                            "vpc_zone_identifier.3673496457": "subnet-4e6c2038",
                            "wait_for_capacity_timeout": "10m"
                        },
                        "meta": {},
                        "tainted": false
                    },
                    "deposed": [],
                    "provider": ""
                },
                "aws_autoscaling_group.k8s_worker_asg.0": {
                    "type": "aws_autoscaling_group",
                    "depends_on": [
                        "aws_launch_configuration.k8s_worker",
                        "null_resource.k8s_cluster"
                    ],
                    "primary": {
                        "id": "prod-k8s-worker-asg1",
                        "attributes": {
                            "arn": "arn:aws:autoscaling:us-west-2:663559125979:autoScalingGroup:76b43e5c-2d83-457f-8904-9ce71ead887d:autoScalingGroupName/prod-k8s-worker-asg1",
                            "availability_zones.#": "1",
                            "availability_zones.2487133097": "us-west-2a",
                            "default_cooldown": "300",
                            "desired_capacity": "13",
                            "force_delete": "false",
                            "health_check_grace_period": "300",
                            "health_check_type": "EC2",
                            "id": "prod-k8s-worker-asg1",
                            "launch_configuration": "terraform-00d2551d85c74a30c56d8aa7c9",
                            "load_balancers.#": "0",
                            "max_size": "15",
                            "metrics_granularity": "1Minute",
                            "min_size": "13",
                            "name": "prod-k8s-worker-asg1",
                            "placement_group": "",
                            "protect_from_scale_in": "false",
                            "suspended_processes.#": "0",
                            "tag.#": "9",
                            "tag.1362809775.key": "Jive_service",
                            "tag.1362809775.propagate_at_launch": "true",
                            "tag.1362809775.value": "us-west-2_jive-microservices-prod",
                            "tag.1514450370.key": "K8s_cluster",
                            "tag.1514450370.propagate_at_launch": "true",
                            "tag.1514450370.value": "us-west-2_jive-microservices-prod",
                            "tag.1816093544.key": "SLA",
                            "tag.1816093544.propagate_at_launch": "true",
                            "tag.1816093544.value": "prod",
                            "tag.2157698622.key": "Hostname",
                            "tag.2157698622.propagate_at_launch": "true",
                            "tag.2157698622.value": "k8s-node1",
                            "tag.228639812.key": "Service_component",
                            "tag.228639812.propagate_at_launch": "true",
                            "tag.228639812.value": "k8s-node",
                            "tag.2294815796.key": "Name",
                            "tag.2294815796.propagate_at_launch": "true",
                            "tag.2294815796.value": "prod-k8s-worker-instance",
                            "tag.3295208670.key": "KubernetesCluster",
                            "tag.3295208670.propagate_at_launch": "true",
                            "tag.3295208670.value": "us-west-2_jive-microservices-prod",
                            "tag.3821981812.key": "Pipeline_phase",
                            "tag.3821981812.propagate_at_launch": "true",
                            "tag.3821981812.value": "prod",
                            "tag.4279558224.key": "Region",
                            "tag.4279558224.propagate_at_launch": "true",
                            "tag.4279558224.value": "us-west-2",
                            "target_group_arns.#": "0",
                            "termination_policies.#": "0",
                            "vpc_zone_identifier.#": "1",
                            "vpc_zone_identifier.3673496457": "subnet-4e6c2038",
                            "wait_for_capacity_timeout": "10m"
                        },
                        "meta": {},
                        "tainted": false
                    },
                    "deposed": [],
                    "provider": ""
                },
                "aws_autoscaling_group.k8s_worker_asg.1": {
                    "type": "aws_autoscaling_group",
                    "depends_on": [
                        "aws_launch_configuration.k8s_worker",
                        "null_resource.k8s_cluster"
                    ],
                    "primary": {
                        "id": "prod-k8s-worker-asg2",
                        "attributes": {
                            "arn": "arn:aws:autoscaling:us-west-2:663559125979:autoScalingGroup:457ceae8-9ffe-4edc-af33-4a7b9f78c085:autoScalingGroupName/prod-k8s-worker-asg2",
                            "availability_zones.#": "1",
                            "availability_zones.221770259": "us-west-2b",
                            "default_cooldown": "300",
                            "desired_capacity": "13",
                            "force_delete": "false",
                            "health_check_grace_period": "300",
                            "health_check_type": "EC2",
                            "id": "prod-k8s-worker-asg2",
                            "launch_configuration": "terraform-00d2551d85c74a30c56d8aa7c9",
                            "load_balancers.#": "0",
                            "max_size": "15",
                            "metrics_granularity": "1Minute",
                            "min_size": "13",
                            "name": "prod-k8s-worker-asg2",
                            "placement_group": "",
                            "protect_from_scale_in": "false",
                            "suspended_processes.#": "0",
                            "tag.#": "9",
                            "tag.1362809775.key": "Jive_service",
                            "tag.1362809775.propagate_at_launch": "true",
                            "tag.1362809775.value": "us-west-2_jive-microservices-prod",
                            "tag.1514450370.key": "K8s_cluster",
                            "tag.1514450370.propagate_at_launch": "true",
                            "tag.1514450370.value": "us-west-2_jive-microservices-prod",
                            "tag.1816093544.key": "SLA",
                            "tag.1816093544.propagate_at_launch": "true",
                            "tag.1816093544.value": "prod",
                            "tag.228639812.key": "Service_component",
                            "tag.228639812.propagate_at_launch": "true",
                            "tag.228639812.value": "k8s-node",
                            "tag.2294815796.key": "Name",
                            "tag.2294815796.propagate_at_launch": "true",
                            "tag.2294815796.value": "prod-k8s-worker-instance",
                            "tag.2977154211.key": "Hostname",
                            "tag.2977154211.propagate_at_launch": "true",
                            "tag.2977154211.value": "k8s-node2",
                            "tag.3295208670.key": "KubernetesCluster",
                            "tag.3295208670.propagate_at_launch": "true",
                            "tag.3295208670.value": "us-west-2_jive-microservices-prod",
                            "tag.3821981812.key": "Pipeline_phase",
                            "tag.3821981812.propagate_at_launch": "true",
                            "tag.3821981812.value": "prod",
                            "tag.4279558224.key": "Region",
                            "tag.4279558224.propagate_at_launch": "true",
                            "tag.4279558224.value": "us-west-2",
                            "target_group_arns.#": "0",
                            "termination_policies.#": "0",
                            "vpc_zone_identifier.#": "1",
                            "vpc_zone_identifier.2744802398": "subnet-0596a361",
                            "wait_for_capacity_timeout": "10m"
                        },
                        "meta": {},
                        "tainted": false
                    },
                    "deposed": [],
                    "provider": ""
                },
                "aws_autoscaling_group.k8s_worker_asg.2": {
                    "type": "aws_autoscaling_group",
                    "depends_on": [
                        "aws_launch_configuration.k8s_worker",
                        "null_resource.k8s_cluster"
                    ],
                    "primary": {
                        "id": "prod-k8s-worker-asg3",
                        "attributes": {
                            "arn": "arn:aws:autoscaling:us-west-2:663559125979:autoScalingGroup:26309375-3457-4596-a82c-056f66fcfd64:autoScalingGroupName/prod-k8s-worker-asg3",
                            "availability_zones.#": "1",
                            "availability_zones.2050015877": "us-west-2c",
                            "default_cooldown": "300",
                            "desired_capacity": "13",
                            "force_delete": "false",
                            "health_check_grace_period": "300",
                            "health_check_type": "EC2",
                            "id": "prod-k8s-worker-asg3",
                            "launch_configuration": "terraform-00d2551d85c74a30c56d8aa7c9",
                            "load_balancers.#": "0",
                            "max_size": "15",
                            "metrics_granularity": "1Minute",
                            "min_size": "13",
                            "name": "prod-k8s-worker-asg3",
                            "placement_group": "",
                            "protect_from_scale_in": "false",
                            "suspended_processes.#": "0",
                            "tag.#": "9",
                            "tag.1362809775.key": "Jive_service",
                            "tag.1362809775.propagate_at_launch": "true",
                            "tag.1362809775.value": "us-west-2_jive-microservices-prod",
                            "tag.1514450370.key": "K8s_cluster",
                            "tag.1514450370.propagate_at_launch": "true",
                            "tag.1514450370.value": "us-west-2_jive-microservices-prod",
                            "tag.1816093544.key": "SLA",
                            "tag.1816093544.propagate_at_launch": "true",
                            "tag.1816093544.value": "prod",
                            "tag.228639812.key": "Service_component",
                            "tag.228639812.propagate_at_launch": "true",
                            "tag.228639812.value": "k8s-node",
                            "tag.2294815796.key": "Name",
                            "tag.2294815796.propagate_at_launch": "true",
                            "tag.2294815796.value": "prod-k8s-worker-instance",
                            "tag.3295208670.key": "KubernetesCluster",
                            "tag.3295208670.propagate_at_launch": "true",
                            "tag.3295208670.value": "us-west-2_jive-microservices-prod",
                            "tag.3821981812.key": "Pipeline_phase",
                            "tag.3821981812.propagate_at_launch": "true",
                            "tag.3821981812.value": "prod",
                            "tag.386191127.key": "Hostname",
                            "tag.386191127.propagate_at_launch": "true",
                            "tag.386191127.value": "k8s-node3",
                            "tag.4279558224.key": "Region",
                            "tag.4279558224.propagate_at_launch": "true",
                            "tag.4279558224.value": "us-west-2",
                            "target_group_arns.#": "0",
                            "termination_policies.#": "0",
                            "vpc_zone_identifier.#": "1",
                            "vpc_zone_identifier.2963790960": "subnet-6a75f632",
                            "wait_for_capacity_timeout": "10m"
                        },
                        "meta": {},
                        "tainted": false
                    },
                    "deposed": [],
                    "provider": ""
                },
                "aws_ebs_volume.k8s_etcd_ebs.0": {
                    "type": "aws_ebs_volume",
                    "depends_on": [
                        "data.aws_availability_zones.available",
                        "null_resource.k8s_cluster"
                    ],
                    "primary": {
                        "id": "vol-3211c586",
                        "attributes": {
                            "availability_zone": "us-west-2a",
                            "encrypted": "true",
                            "id": "vol-3211c586",
                            "kms_key_id": "arn:aws:kms:us-west-2:663559125979:key/bf5aeaec-d671-47f8-9311-b43c35ddd37d",
                            "size": "20",
                            "snapshot_id": "",
                            "tags.%": "7",
                            "tags.Hostname": "us-west-2_jive-microservices-prod-etcd1",
                            "tags.Jive_service": "us-west-2_jive-microservices-prod",
                            "tags.Name": "prod-k8s_etcd-instance",
                            "tags.Pipeline_phase": "prod",
                            "tags.Region": "us-west-2",
                            "tags.SLA": "prod",
                            "tags.Service_component": "etcd",
                            "type": "gp2"
                        },
                        "meta": {},
                        "tainted": false
                    },
                    "deposed": [],
                    "provider": ""
                },
                "aws_ebs_volume.k8s_etcd_ebs.1": {
                    "type": "aws_ebs_volume",
                    "depends_on": [
                        "data.aws_availability_zones.available",
                        "null_resource.k8s_cluster"
                    ],
                    "primary": {
                        "id": "vol-a33bf32b",
                        "attributes": {
                            "availability_zone": "us-west-2b",
                            "encrypted": "true",
                            "id": "vol-a33bf32b",
                            "kms_key_id": "arn:aws:kms:us-west-2:663559125979:key/bf5aeaec-d671-47f8-9311-b43c35ddd37d",
                            "size": "20",
                            "snapshot_id": "",
                            "tags.%": "7",
                            "tags.Hostname": "us-west-2_jive-microservices-prod-etcd2",
                            "tags.Jive_service": "us-west-2_jive-microservices-prod",
                            "tags.Name": "prod-k8s_etcd-instance",
                            "tags.Pipeline_phase": "prod",
                            "tags.Region": "us-west-2",
                            "tags.SLA": "prod",
                            "tags.Service_component": "etcd",
                            "type": "gp2"
                        },
                        "meta": {},
                        "tainted": false
                    },
                    "deposed": [],
                    "provider": ""
                },
                "aws_ebs_volume.k8s_etcd_ebs.2": {
                    "type": "aws_ebs_volume",
                    "depends_on": [
                        "data.aws_availability_zones.available",
                        "null_resource.k8s_cluster"
                    ],
                    "primary": {
                        "id": "vol-b9f60b3a",
                        "attributes": {
                            "availability_zone": "us-west-2c",
                            "encrypted": "true",
                            "id": "vol-b9f60b3a",
                            "kms_key_id": "arn:aws:kms:us-west-2:663559125979:key/bf5aeaec-d671-47f8-9311-b43c35ddd37d",
                            "size": "20",
                            "snapshot_id": "",
                            "tags.%": "7",
                            "tags.Hostname": "us-west-2_jive-microservices-prod-etcd3",
                            "tags.Jive_service": "us-west-2_jive-microservices-prod",
                            "tags.Name": "prod-k8s_etcd-instance",
                            "tags.Pipeline_phase": "prod",
                            "tags.Region": "us-west-2",
                            "tags.SLA": "prod",
                            "tags.Service_component": "etcd",
                            "type": "gp2"
                        },
                        "meta": {},
                        "tainted": false
                    },
                    "deposed": [],
                    "provider": ""
                },
                "aws_ebs_volume.k8s_etcd_ebs.3": {
                    "type": "aws_ebs_volume",
                    "depends_on": [
                        "data.aws_availability_zones.available",
                        "null_resource.k8s_cluster"
                    ],
                    "primary": {
                        "id": "vol-04062a125ff98d42e",
                        "attributes": {
                            "availability_zone": "us-west-2a",
                            "encrypted": "true",
                            "id": "vol-04062a125ff98d42e",
                            "kms_key_id": "arn:aws:kms:us-west-2:663559125979:key/bf5aeaec-d671-47f8-9311-b43c35ddd37d",
                            "size": "20",
                            "snapshot_id": "",
                            "tags.%": "7",
                            "tags.Hostname": "us-west-2_jive-microservices-prod-etcd4",
                            "tags.Jive_service": "us-west-2_jive-microservices-prod",
                            "tags.Name": "prod-k8s_etcd-instance",
                            "tags.Pipeline_phase": "prod",
                            "tags.Region": "us-west-2",
                            "tags.SLA": "prod",
                            "tags.Service_component": "etcd",
                            "type": "gp2"
                        },
                        "meta": {},
                        "tainted": false
                    },
                    "deposed": [],
                    "provider": ""
                },
                "aws_ebs_volume.k8s_etcd_ebs.4": {
                    "type": "aws_ebs_volume",
                    "depends_on": [
                        "data.aws_availability_zones.available",
                        "null_resource.k8s_cluster"
                    ],
                    "primary": {
                        "id": "vol-0b0d3c80d03b030cb",
                        "attributes": {
                            "availability_zone": "us-west-2b",
                            "encrypted": "true",
                            "id": "vol-0b0d3c80d03b030cb",
                            "kms_key_id": "arn:aws:kms:us-west-2:663559125979:key/bf5aeaec-d671-47f8-9311-b43c35ddd37d",
                            "size": "20",
                            "snapshot_id": "",
                            "tags.%": "7",
                            "tags.Hostname": "us-west-2_jive-microservices-prod-etcd5",
                            "tags.Jive_service": "us-west-2_jive-microservices-prod",
                            "tags.Name": "prod-k8s_etcd-instance",
                            "tags.Pipeline_phase": "prod",
                            "tags.Region": "us-west-2",
                            "tags.SLA": "prod",
                            "tags.Service_component": "etcd",
                            "type": "gp2"
                        },
                        "meta": {},
                        "tainted": false
                    },
                    "deposed": [],
                    "provider": ""
                },
                "aws_ebs_volume.k8s_etcd_ebs.5": {
                    "type": "aws_ebs_volume",
                    "depends_on": [
                        "data.aws_availability_zones.available",
                        "null_resource.k8s_cluster"
                    ],
                    "primary": {
                        "id": "vol-0754d293ecdc8c1e6",
                        "attributes": {
                            "availability_zone": "us-west-2c",
                            "encrypted": "true",
                            "id": "vol-0754d293ecdc8c1e6",
                            "kms_key_id": "arn:aws:kms:us-west-2:663559125979:key/bf5aeaec-d671-47f8-9311-b43c35ddd37d",
                            "size": "20",
                            "snapshot_id": "",
                            "tags.%": "7",
                            "tags.Hostname": "us-west-2_jive-microservices-prod-etcd6",
                            "tags.Jive_service": "us-west-2_jive-microservices-prod",
                            "tags.Name": "prod-k8s_etcd-instance",
                            "tags.Pipeline_phase": "prod",
                            "tags.Region": "us-west-2",
                            "tags.SLA": "prod",
                            "tags.Service_component": "etcd",
                            "type": "gp2"
                        },
                        "meta": {},
                        "tainted": false
                    },
                    "deposed": [],
                    "provider": ""
                },
                "aws_ebs_volume.k8s_master": {
                    "type": "aws_ebs_volume",
                    "depends_on": [
                        "null_resource.k8s_cluster"
                    ],
                    "primary": {
                        "id": "vol-8311c537",
                        "attributes": {
                            "availability_zone": "us-west-2a",
                            "encrypted": "true",
                            "id": "vol-8311c537",
                            "kms_key_id": "arn:aws:kms:us-west-2:663559125979:key/bf5aeaec-d671-47f8-9311-b43c35ddd37d",
                            "size": "100",
                            "snapshot_id": "",
                            "tags.%": "7",
                            "tags.Hostname": "us-west-2_jive-microservices-prod-master1",
                            "tags.Jive_service": "us-west-2_jive-microservices-prod",
                            "tags.Name": "prod-k8s_master-instance",
                            "tags.Pipeline_phase": "prod",
                            "tags.Region": "us-west-2",
                            "tags.SLA": "prod",
                            "tags.Service_component": "k8s-master",
                            "type": "gp2"
                        },
                        "meta": {},
                        "tainted": false
                    },
                    "deposed": [],
                    "provider": ""
                },
                "aws_eip.k8s_etcd_eip.0": {
                    "type": "aws_eip",
                    "depends_on": [
                        "aws_network_interface.k8s_etcd"
                    ],
                    "primary": {
                        "id": "eipalloc-39f0565e",
                        "attributes": {
                            "association_id": "eipassoc-8ea2d4f6",
                            "domain": "vpc",
                            "id": "eipalloc-39f0565e",
                            "instance": "",
                            "network_interface": "eni-0ae66a44",
                            "private_ip": "10.124.97.203",
                            "public_ip": "52.25.224.168",
                            "vpc": "true"
                        },
                        "meta": {},
                        "tainted": false
                    },
                    "deposed": [],
                    "provider": ""
                },
                "aws_eip.k8s_etcd_eip.1": {
                    "type": "aws_eip",
                    "depends_on": [
                        "aws_network_interface.k8s_etcd"
                    ],
                    "primary": {
                        "id": "eipalloc-4ef35529",
                        "attributes": {
                            "association_id": "eipassoc-71afd909",
                            "domain": "vpc",
                            "id": "eipalloc-4ef35529",
                            "instance": "i-014bd9f1dcf68d6af",
                            "network_interface": "eni-7f34fb00",
                            "private_ip": "10.124.103.52",
                            "public_ip": "52.41.95.237",
                            "vpc": "true"
                        },
                        "meta": {},
                        "tainted": false
                    },
                    "deposed": [],
                    "provider": ""
                },
                "aws_eip.k8s_etcd_eip.2": {
                    "type": "aws_eip",
                    "depends_on": [
                        "aws_network_interface.k8s_etcd"
                    ],
                    "primary": {
                        "id": "eipalloc-dfff59b8",
                        "attributes": {
                            "association_id": "eipassoc-72a0d60a",
                            "domain": "vpc",
                            "id": "eipalloc-dfff59b8",
                            "instance": "i-011a3b83edd15873f",
                            "network_interface": "eni-bdc546e3",
                            "private_ip": "10.124.107.101",
                            "public_ip": "52.40.36.176",
                            "vpc": "true"
                        },
                        "meta": {},
                        "tainted": false
                    },
                    "deposed": [],
                    "provider": ""
                },
                "aws_eip.k8s_etcd_eip.3": {
                    "type": "aws_eip",
                    "depends_on": [
                        "aws_network_interface.k8s_etcd"
                    ],
                    "primary": {
                        "id": "eipalloc-f1aa8896",
                        "attributes": {
                            "association_id": "eipassoc-e624cb9c",
                            "domain": "vpc",
                            "id": "eipalloc-f1aa8896",
                            "instance": "i-02702ddba33f49308",
                            "network_interface": "eni-4285e201",
                            "private_ip": "10.124.99.209",
                            "public_ip": "35.167.100.171",
                            "vpc": "true"
                        },
                        "meta": {},
                        "tainted": false
                    },
                    "deposed": [],
                    "provider": ""
                },
                "aws_eip.k8s_etcd_eip.4": {
                    "type": "aws_eip",
                    "depends_on": [
                        "aws_network_interface.k8s_etcd"
                    ],
                    "primary": {
                        "id": "eipalloc-bdaf8dda",
                        "attributes": {
                            "association_id": "eipassoc-b028c7ca",
                            "domain": "vpc",
                            "id": "eipalloc-bdaf8dda",
                            "instance": "i-06b76a54e44e04dcb",
                            "network_interface": "eni-513bda21",
                            "private_ip": "10.124.100.164",
                            "public_ip": "35.161.102.1",
                            "vpc": "true"
                        },
                        "meta": {},
                        "tainted": false
                    },
                    "deposed": [],
                    "provider": ""
                },
                "aws_eip.k8s_etcd_eip.5": {
                    "type": "aws_eip",
                    "depends_on": [
                        "aws_network_interface.k8s_etcd"
                    ],
                    "primary": {
                        "id": "eipalloc-3aab895d",
                        "attributes": {
                            "association_id": "eipassoc-ad2bc4d7",
                            "domain": "vpc",
                            "id": "eipalloc-3aab895d",
                            "instance": "i-0ad53c9fc1848b449",
                            "network_interface": "eni-e73906b7",
                            "private_ip": "10.124.104.226",
                            "public_ip": "35.167.53.54",
                            "vpc": "true"
                        },
                        "meta": {},
                        "tainted": false
                    },
                    "deposed": [],
                    "provider": ""
                },
                "aws_eip.k8s_master_eip": {
                    "type": "aws_eip",
                    "depends_on": [],
                    "primary": {
                        "id": "eipalloc-4ff35528",
                        "attributes": {
                            "association_id": "eipassoc-44dc4379",
                            "domain": "vpc",
                            "id": "eipalloc-4ff35528",
                            "instance": "i-07d22cc496ec7919c",
                            "network_interface": "eni-3187c70d",
                            "private_ip": "10.124.98.6",
                            "public_ip": "52.43.33.147",
                            "vpc": "true"
                        },
                        "meta": {},
                        "tainted": false
                    },
                    "deposed": [],
                    "provider": ""
                },
                "aws_elb.k8s_master": {
                    "type": "aws_elb",
                    "depends_on": [
                        "aws_security_group.k8s_master_instance",
                        "null_resource.k8s_cluster"
                    ],
                    "primary": {
                        "id": "prod-k8s-master-elb",
                        "attributes": {
                            "access_logs.#": "0",
                            "availability_zones.#": "1",
                            "availability_zones.2487133097": "us-west-2a",
                            "connection_draining": "false",
                            "connection_draining_timeout": "300",
                            "cross_zone_load_balancing": "true",
                            "dns_name": "internal-prod-k8s-master-elb-872272478.us-west-2.elb.amazonaws.com",
                            "health_check.#": "1",
                            "health_check.0.healthy_threshold": "2",
                            "health_check.0.interval": "30",
                            "health_check.0.target": "TCP:443",
                            "health_check.0.timeout": "3",
                            "health_check.0.unhealthy_threshold": "2",
                            "id": "prod-k8s-master-elb",
                            "idle_timeout": "1800",
                            "instances.#": "1",
                            "instances.292481213": "i-07d22cc496ec7919c",
                            "internal": "true",
                            "listener.#": "1",
                            "listener.610193557.instance_port": "443",
                            "listener.610193557.instance_protocol": "tcp",
                            "listener.610193557.lb_port": "443",
                            "listener.610193557.lb_protocol": "tcp",
                            "listener.610193557.ssl_certificate_id": "",
                            "name": "prod-k8s-master-elb",
                            "security_groups.#": "2",
                            "security_groups.2852362469": "sg-ded416a7",
                            "security_groups.3687712405": "sg-3077bb49",
                            "source_security_group": "663559125979/us-west-2_jive-microservices-prod-master-instance",
                            "source_security_group_id": "sg-3077bb49",
                            "subnets.#": "1",
                            "subnets.3673496457": "subnet-4e6c2038",
                            "tags.%": "7",
                            "tags.Hostname": "us-west-2_jive-microservices-prod-master1",
                            "tags.Jive_service": "us-west-2_jive-microservices-prod",
                            "tags.Name": "prod-k8s_master-elb",
                            "tags.Pipeline_phase": "prod",
                            "tags.Region": "us-west-2",
                            "tags.SLA": "prod",
                            "tags.Service_component": "k8s-master",
                            "zone_id": "Z1H1FL5HABSF5"
                        },
                        "meta": {},
                        "tainted": false
                    },
                    "deposed": [],
                    "provider": ""
                },
                "aws_iam_instance_profile.k8s-master": {
                    "type": "aws_iam_instance_profile",
                    "depends_on": [
                        "aws_iam_role.k8s-master",
                        "null_resource.k8s_cluster"
                    ],
                    "primary": {
                        "id": "us-west-2_jive-microservices-prod-k8s-master-profile",
                        "attributes": {
                            "arn": "arn:aws:iam::663559125979:instance-profile/us-west-2_jive-microservices-prod-k8s-master-profile",
                            "id": "us-west-2_jive-microservices-prod-k8s-master-profile",
                            "name": "us-west-2_jive-microservices-prod-k8s-master-profile",
                            "path": "/",
                            "role": "us-west-2_jive-microservices-prod-master-role",
                            "roles.#": "1",
                            "roles.1896349180": "us-west-2_jive-microservices-prod-master-role",
                            "unique_id": "AIPAIX47GC5AZ6DYINDBE"
                        },
                        "meta": {},
                        "tainted": false
                    },
                    "deposed": [],
                    "provider": ""
                },
                "aws_iam_instance_profile.k8s-node": {
                    "type": "aws_iam_instance_profile",
                    "depends_on": [
                        "aws_iam_role.k8s-node",
                        "null_resource.k8s_cluster"
                    ],
                    "primary": {
                        "id": "us-west-2_jive-microservices-prod-k8s-node-profile",
                        "attributes": {
                            "arn": "arn:aws:iam::663559125979:instance-profile/us-west-2_jive-microservices-prod-k8s-node-profile",
                            "id": "us-west-2_jive-microservices-prod-k8s-node-profile",
                            "name": "us-west-2_jive-microservices-prod-k8s-node-profile",
                            "path": "/",
                            "role": "us-west-2_jive-microservices-prod-node-role",
                            "roles.#": "1",
                            "roles.306626386": "us-west-2_jive-microservices-prod-node-role",
                            "unique_id": "AIPAIHCAHGWED2Y6A6LE2"
                        },
                        "meta": {},
                        "tainted": false
                    },
                    "deposed": [],
                    "provider": ""
                },
                "aws_iam_role.k8s-master": {
                    "type": "aws_iam_role",
                    "depends_on": [
                        "null_resource.k8s_cluster"
                    ],
                    "primary": {
                        "id": "us-west-2_jive-microservices-prod-master-role",
                        "attributes": {
                            "arn": "arn:aws:iam::663559125979:role/us-west-2_jive-microservices-prod-master-role",
                            "assume_role_policy": "{\"Version\":\"2012-10-17\",\"Statement\":[{\"Sid\":\"\",\"Effect\":\"Allow\",\"Principal\":{\"Service\":\"ec2.amazonaws.com\"},\"Action\":\"sts:AssumeRole\"}]}",
                            "create_date": "2016-09-14T23:45:01Z",
                            "id": "us-west-2_jive-microservices-prod-master-role",
                            "name": "us-west-2_jive-microservices-prod-master-role",
                            "path": "/",
                            "unique_id": "AROAJWZDX2NHA2BLCSOG4"
                        },
                        "meta": {},
                        "tainted": false
                    },
                    "deposed": [],
                    "provider": ""
                },
                "aws_iam_role.k8s-node": {
                    "type": "aws_iam_role",
                    "depends_on": [
                        "null_resource.k8s_cluster"
                    ],
                    "primary": {
                        "id": "us-west-2_jive-microservices-prod-node-role",
                        "attributes": {
                            "arn": "arn:aws:iam::663559125979:role/us-west-2_jive-microservices-prod-node-role",
                            "assume_role_policy": "{\"Version\":\"2012-10-17\",\"Statement\":[{\"Sid\":\"\",\"Effect\":\"Allow\",\"Principal\":{\"Service\":\"ec2.amazonaws.com\"},\"Action\":\"sts:AssumeRole\"}]}",
                            "create_date": "2016-09-14T23:45:01Z",
                            "id": "us-west-2_jive-microservices-prod-node-role",
                            "name": "us-west-2_jive-microservices-prod-node-role",
                            "path": "/",
                            "unique_id": "AROAJDXUTVB7UDUF4CW6C"
                        },
                        "meta": {},
                        "tainted": false
                    },
                    "deposed": [],
                    "provider": ""
                },
                "aws_iam_role_policy.k8s-master": {
                    "type": "aws_iam_role_policy",
                    "depends_on": [
                        "aws_iam_role.k8s-master",
                        "null_resource.k8s_cluster"
                    ],
                    "primary": {
                        "id": "us-west-2_jive-microservices-prod-master-role:us-west-2_jive-microservices-prod-master-policy",
                        "attributes": {
                            "id": "us-west-2_jive-microservices-prod-master-role:us-west-2_jive-microservices-prod-master-policy",
                            "name": "us-west-2_jive-microservices-prod-master-policy",
                            "policy": "{\n    \"Version\": \"2012-10-17\",\n    \"Statement\": [\n        {\n            \"Effect\": \"Allow\",\n            \"Action\": [\"ec2:*\"],\n            \"Resource\": [\"*\"]\n        },\n        {\n            \"Effect\": \"Allow\",\n            \"Action\": [\"elasticloadbalancing:*\"],\n            \"Resource\": [\"*\"]\n        },\n        {\n            \"Effect\": \"Allow\",\n            \"Action\": [\n                \"ec2:Describe*\",\n                \"ec2:AttachVolume\",\n                \"ec2:DetachVolume\",\n                \"route53:ListHostedZones\",\n                \"route53:ListResourceRecordSets\",\n                \"rds:Describe*\",\n                \"elasticache:Describe*\",\n                \"s3:GetObject\",\n                \"s3:PutObject\",\n                \"s3:ListAllMyBuckets\",\n                \"s3:ListBucket\",\n                \"s3:GetBucketLocation\"\n            ],\n            \"Resource\": \"*\"\n        }\n    ]\n}\n",
                            "role": "us-west-2_jive-microservices-prod-master-role"
                        },
                        "meta": {},
                        "tainted": false
                    },
                    "deposed": [],
                    "provider": ""
                },
                "aws_iam_role_policy.k8s-node": {
                    "type": "aws_iam_role_policy",
                    "depends_on": [
                        "aws_iam_role.k8s-node",
                        "null_resource.k8s_cluster"
                    ],
                    "primary": {
                        "id": "us-west-2_jive-microservices-prod-node-role:us-west-2_jive-microservices-prod-node-policy",
                        "attributes": {
                            "id": "us-west-2_jive-microservices-prod-node-role:us-west-2_jive-microservices-prod-node-policy",
                            "name": "us-west-2_jive-microservices-prod-node-policy",
                            "policy": "{\n    \"Version\": \"2012-10-17\",\n    \"Statement\": [\n        {\n            \"Effect\": \"Allow\",\n            \"Action\": [\n                \"ec2:Describe*\",\n                \"ec2:AttachVolume\",\n                \"ec2:DetachVolume\",\n                \"ec2:AttachNetworkInterface\",\n                \"ec2:DetachNetworkInterface\",\n                \"route53:ListHostedZones\",\n                \"route53:ListResourceRecordSets\",\n                \"rds:Describe*\",\n                \"elasticache:Describe*\",\n                \"s3:GetObject\",\n                \"s3:ListAllMyBuckets\",\n                \"s3:ListBucket\",\n                \"s3:PutObject\",\n                \"s3:CreateBucket\",\n                \"s3:GetBucketLocation\"\n            ],\n            \"Resource\": \"*\"\n        }\n    ]\n}\n",
                            "role": "us-west-2_jive-microservices-prod-node-role"
                        },
                        "meta": {},
                        "tainted": false
                    },
                    "deposed": [],
                    "provider": ""
                },
                "aws_launch_configuration.k8s_etcd": {
                    "type": "aws_launch_configuration",
                    "depends_on": [],
                    "primary": {
                        "id": "terraform-0048745335c6e6abeb889b3dd9",
                        "attributes": {
                            "associate_public_ip_address": "false",
                            "ebs_block_device.#": "0",
                            "ebs_optimized": "false",
                            "enable_monitoring": "true",
                            "ephemeral_block_device.#": "0",
                            "iam_instance_profile": "us-west-2_jive-microservices-prod-k8s-node-profile",
                            "id": "terraform-0048745335c6e6abeb889b3dd9",
                            "image_id": "ami-9f46e7ff",
                            "instance_type": "t2.large",
                            "key_name": "plops-ms-prod-k8s",
                            "name": "terraform-0048745335c6e6abeb889b3dd9",
                            "root_block_device.#": "1",
                            "root_block_device.0.delete_on_termination": "true",
                            "root_block_device.0.iops": "0",
                            "root_block_device.0.volume_size": "20",
                            "root_block_device.0.volume_type": "gp2",
                            "security_groups.#": "2",
                            "security_groups.2852362469": "sg-ded416a7",
                            "security_groups.770119260": "sg-2b77bb52",
                            "spot_price": "",
                            "user_data": "97dc79a9d4a4ebf6372ec33f5ee98fe2854e46bf",
                            "vpc_classic_link_id": "",
                            "vpc_classic_link_security_groups.#": "0"
                        },
                        "meta": {},
                        "tainted": false
                    },
                    "deposed": [],
                    "provider": ""
                },
                "aws_launch_configuration.k8s_master": {
                    "type": "aws_launch_configuration",
                    "depends_on": [],
                    "primary": {
                        "id": "terraform-00d2551d85c74a30c56d8aa7c8",
                        "attributes": {
                            "associate_public_ip_address": "false",
                            "ebs_block_device.#": "0",
                            "ebs_optimized": "false",
                            "enable_monitoring": "true",
                            "ephemeral_block_device.#": "0",
                            "iam_instance_profile": "us-west-2_jive-microservices-prod-k8s-master-profile",
                            "id": "terraform-00d2551d85c74a30c56d8aa7c8",
                            "image_id": "ami-9f46e7ff",
                            "instance_type": "r4.xlarge",
                            "key_name": "plops-ms-prod-k8s",
                            "name": "terraform-00d2551d85c74a30c56d8aa7c8",
                            "root_block_device.#": "1",
                            "root_block_device.0.delete_on_termination": "true",
                            "root_block_device.0.iops": "0",
                            "root_block_device.0.volume_size": "100",
                            "root_block_device.0.volume_type": "gp2",
                            "security_groups.#": "2",
                            "security_groups.2852362469": "sg-ded416a7",
                            "security_groups.3687712405": "sg-3077bb49",
                            "spot_price": "",
                            "user_data": "97dc79a9d4a4ebf6372ec33f5ee98fe2854e46bf",
                            "vpc_classic_link_id": "",
                            "vpc_classic_link_security_groups.#": "0"
                        },
                        "meta": {},
                        "tainted": false
                    },
                    "deposed": [],
                    "provider": ""
                },
                "aws_launch_configuration.k8s_worker": {
                    "type": "aws_launch_configuration",
                    "depends_on": [],
                    "primary": {
                        "id": "terraform-00d2551d85c74a30c56d8aa7c9",
                        "attributes": {
                            "associate_public_ip_address": "false",
                            "ebs_block_device.#": "0",
                            "ebs_optimized": "false",
                            "enable_monitoring": "true",
                            "ephemeral_block_device.#": "0",
                            "iam_instance_profile": "us-west-2_jive-microservices-prod-k8s-node-profile",
                            "id": "terraform-00d2551d85c74a30c56d8aa7c9",
                            "image_id": "ami-9f46e7ff",
                            "instance_type": "m4.2xlarge",
                            "key_name": "plops-ms-prod-k8s",
                            "name": "terraform-00d2551d85c74a30c56d8aa7c9",
                            "root_block_device.#": "1",
                            "root_block_device.0.delete_on_termination": "true",
                            "root_block_device.0.iops": "0",
                            "root_block_device.0.volume_size": "50",
                            "root_block_device.0.volume_type": "gp2",
                            "security_groups.#": "2",
                            "security_groups.2852362469": "sg-ded416a7",
                            "security_groups.2968035264": "sg-3277bb4b",
                            "spot_price": "",
                            "user_data": "97dc79a9d4a4ebf6372ec33f5ee98fe2854e46bf",
                            "vpc_classic_link_id": "",
                            "vpc_classic_link_security_groups.#": "0"
                        },
                        "meta": {},
                        "tainted": false
                    },
                    "deposed": [],
                    "provider": ""
                },
                "aws_network_interface.k8s_etcd.0": {
                    "type": "aws_network_interface",
                    "depends_on": [
                        "aws_security_group.k8s_etcd_instance",
                        "data.aws_subnet.natdc",
                        "null_resource.k8s_cluster"
                    ],
                    "primary": {
                        "id": "eni-0ae66a44",
                        "attributes": {
                            "attachment.#": "0",
                            "description": "",
                            "id": "eni-0ae66a44",
                            "private_ip": "10.124.97.203",
                            "private_ips.#": "1",
                            "private_ips.994800140": "10.124.97.203",
                            "security_groups.#": "2",
                            "security_groups.2852362469": "sg-ded416a7",
                            "security_groups.770119260": "sg-2b77bb52",
                            "source_dest_check": "true",
                            "subnet_id": "subnet-4e6c2038",
                            "tags.%": "8",
                            "tags.Hostname": "us-west-2_jive-microservices-prod-etcd1",
                            "tags.Jive_service": "us-west-2_jive-microservices-prod",
                            "tags.KubernetesCluster": "us-west-2_jive-microservices-prod",
                            "tags.Name": "prod-k8s-etcd-instance",
                            "tags.Pipeline_phase": "prod",
                            "tags.Region": "us-west-2",
                            "tags.SLA": "prod",
                            "tags.Service_component": "k8s-etcd"
                        },
                        "meta": {},
                        "tainted": false
                    },
                    "deposed": [],
                    "provider": ""
                },
                "aws_network_interface.k8s_etcd.1": {
                    "type": "aws_network_interface",
                    "depends_on": [
                        "aws_security_group.k8s_etcd_instance",
                        "data.aws_subnet.natdc",
                        "null_resource.k8s_cluster"
                    ],
                    "primary": {
                        "id": "eni-7f34fb00",
                        "attributes": {
                            "attachment.#": "1",
                            "attachment.3558832722.attachment_id": "eni-attach-408702ab",
                            "attachment.3558832722.device_index": "1",
                            "attachment.3558832722.instance": "i-014bd9f1dcf68d6af",
                            "description": "",
                            "id": "eni-7f34fb00",
                            "private_ip": "10.124.103.52",
                            "private_ips.#": "1",
                            "private_ips.3624353268": "10.124.103.52",
                            "security_groups.#": "2",
                            "security_groups.2852362469": "sg-ded416a7",
                            "security_groups.770119260": "sg-2b77bb52",
                            "source_dest_check": "true",
                            "subnet_id": "subnet-0596a361",
                            "tags.%": "8",
                            "tags.Hostname": "us-west-2_jive-microservices-prod-etcd2",
                            "tags.Jive_service": "us-west-2_jive-microservices-prod",
                            "tags.KubernetesCluster": "us-west-2_jive-microservices-prod",
                            "tags.Name": "prod-k8s-etcd-instance",
                            "tags.Pipeline_phase": "prod",
                            "tags.Region": "us-west-2",
                            "tags.SLA": "prod",
                            "tags.Service_component": "k8s-etcd"
                        },
                        "meta": {},
                        "tainted": false
                    },
                    "deposed": [],
                    "provider": ""
                },
                "aws_network_interface.k8s_etcd.2": {
                    "type": "aws_network_interface",
                    "depends_on": [
                        "aws_security_group.k8s_etcd_instance",
                        "data.aws_subnet.natdc",
                        "null_resource.k8s_cluster"
                    ],
                    "primary": {
                        "id": "eni-bdc546e3",
                        "attributes": {
                            "attachment.#": "1",
                            "attachment.2928354494.attachment_id": "eni-attach-1d696bff",
                            "attachment.2928354494.device_index": "1",
                            "attachment.2928354494.instance": "i-011a3b83edd15873f",
                            "description": "",
                            "id": "eni-bdc546e3",
                            "private_ip": "10.124.107.101",
                            "private_ips.#": "1",
                            "private_ips.4184584721": "10.124.107.101",
                            "security_groups.#": "2",
                            "security_groups.2852362469": "sg-ded416a7",
                            "security_groups.770119260": "sg-2b77bb52",
                            "source_dest_check": "true",
                            "subnet_id": "subnet-6a75f632",
                            "tags.%": "8",
                            "tags.Hostname": "us-west-2_jive-microservices-prod-etcd3",
                            "tags.Jive_service": "us-west-2_jive-microservices-prod",
                            "tags.KubernetesCluster": "us-west-2_jive-microservices-prod",
                            "tags.Name": "prod-k8s-etcd-instance",
                            "tags.Pipeline_phase": "prod",
                            "tags.Region": "us-west-2",
                            "tags.SLA": "prod",
                            "tags.Service_component": "k8s-etcd"
                        },
                        "meta": {},
                        "tainted": false
                    },
                    "deposed": [],
                    "provider": ""
                },
                "aws_network_interface.k8s_etcd.3": {
                    "type": "aws_network_interface",
                    "depends_on": [
                        "aws_security_group.k8s_etcd_instance",
                        "data.aws_subnet.natdc",
                        "null_resource.k8s_cluster"
                    ],
                    "primary": {
                        "id": "eni-4285e201",
                        "attributes": {
                            "attachment.#": "1",
                            "attachment.421974356.attachment_id": "eni-attach-e6a7a40b",
                            "attachment.421974356.device_index": "1",
                            "attachment.421974356.instance": "i-02702ddba33f49308",
                            "description": "",
                            "id": "eni-4285e201",
                            "private_ip": "10.124.99.209",
                            "private_ips.#": "1",
                            "private_ips.1689134451": "10.124.99.209",
                            "security_groups.#": "2",
                            "security_groups.2852362469": "sg-ded416a7",
                            "security_groups.770119260": "sg-2b77bb52",
                            "source_dest_check": "true",
                            "subnet_id": "subnet-4e6c2038",
                            "tags.%": "8",
                            "tags.Hostname": "us-west-2_jive-microservices-prod-etcd4",
                            "tags.Jive_service": "us-west-2_jive-microservices-prod",
                            "tags.KubernetesCluster": "us-west-2_jive-microservices-prod",
                            "tags.Name": "prod-k8s-etcd-instance",
                            "tags.Pipeline_phase": "prod",
                            "tags.Region": "us-west-2",
                            "tags.SLA": "prod",
                            "tags.Service_component": "k8s-etcd"
                        },
                        "meta": {},
                        "tainted": false
                    },
                    "deposed": [],
                    "provider": ""
                },
                "aws_network_interface.k8s_etcd.4": {
                    "type": "aws_network_interface",
                    "depends_on": [
                        "aws_security_group.k8s_etcd_instance",
                        "data.aws_subnet.natdc",
                        "null_resource.k8s_cluster"
                    ],
                    "primary": {
                        "id": "eni-513bda21",
                        "attributes": {
                            "attachment.#": "1",
                            "attachment.2326583745.attachment_id": "eni-attach-caf57021",
                            "attachment.2326583745.device_index": "1",
                            "attachment.2326583745.instance": "i-06b76a54e44e04dcb",
                            "description": "",
                            "id": "eni-513bda21",
                            "private_ip": "10.124.100.164",
                            "private_ips.#": "1",
                            "private_ips.1836793096": "10.124.100.164",
                            "security_groups.#": "2",
                            "security_groups.2852362469": "sg-ded416a7",
                            "security_groups.770119260": "sg-2b77bb52",
                            "source_dest_check": "true",
                            "subnet_id": "subnet-0596a361",
                            "tags.%": "8",
                            "tags.Hostname": "us-west-2_jive-microservices-prod-etcd5",
                            "tags.Jive_service": "us-west-2_jive-microservices-prod",
                            "tags.KubernetesCluster": "us-west-2_jive-microservices-prod",
                            "tags.Name": "prod-k8s-etcd-instance",
                            "tags.Pipeline_phase": "prod",
                            "tags.Region": "us-west-2",
                            "tags.SLA": "prod",
                            "tags.Service_component": "k8s-etcd"
                        },
                        "meta": {},
                        "tainted": false
                    },
                    "deposed": [],
                    "provider": ""
                },
                "aws_network_interface.k8s_etcd.5": {
                    "type": "aws_network_interface",
                    "depends_on": [
                        "aws_security_group.k8s_etcd_instance",
                        "data.aws_subnet.natdc",
                        "null_resource.k8s_cluster"
                    ],
                    "primary": {
                        "id": "eni-e73906b7",
                        "attributes": {
                            "attachment.#": "1",
                            "attachment.1028275924.attachment_id": "eni-attach-495b59ab",
                            "attachment.1028275924.device_index": "1",
                            "attachment.1028275924.instance": "i-0ad53c9fc1848b449",
                            "description": "",
                            "id": "eni-e73906b7",
                            "private_ip": "10.124.104.226",
                            "private_ips.#": "1",
                            "private_ips.283083193": "10.124.104.226",
                            "security_groups.#": "2",
                            "security_groups.2852362469": "sg-ded416a7",
                            "security_groups.770119260": "sg-2b77bb52",
                            "source_dest_check": "true",
                            "subnet_id": "subnet-6a75f632",
                            "tags.%": "8",
                            "tags.Hostname": "us-west-2_jive-microservices-prod-etcd6",
                            "tags.Jive_service": "us-west-2_jive-microservices-prod",
                            "tags.KubernetesCluster": "us-west-2_jive-microservices-prod",
                            "tags.Name": "prod-k8s-etcd-instance",
                            "tags.Pipeline_phase": "prod",
                            "tags.Region": "us-west-2",
                            "tags.SLA": "prod",
                            "tags.Service_component": "k8s-etcd"
                        },
                        "meta": {},
                        "tainted": false
                    },
                    "deposed": [],
                    "provider": ""
                },
                "aws_s3_bucket.logging": {
                    "type": "aws_s3_bucket",
                    "depends_on": [
                        "data.aws_iam_policy_document.logging"
                    ],
                    "primary": {
                        "id": "us-west-2-jive-microservices-prod-logs",
                        "attributes": {
                            "acceleration_status": "",
                            "acl": "private",
                            "arn": "arn:aws:s3:::us-west-2-jive-microservices-prod-logs",
                            "bucket": "us-west-2-jive-microservices-prod-logs",
                            "bucket_domain_name": "us-west-2-jive-microservices-prod-logs.s3.amazonaws.com",
                            "force_destroy": "false",
                            "hosted_zone_id": "Z3BJ6K6RIION7M",
                            "id": "us-west-2-jive-microservices-prod-logs",
                            "logging.#": "0",
                            "policy": "{\"Statement\":[{\"Action\":\"s3:PutObject\",\"Effect\":\"Allow\",\"Principal\":{\"AWS\":[\"arn:aws:iam::663559125979:role/us-west-2_jive-microservices-prod-master-role\",\"arn:aws:iam::663559125979:role/us-west-2_jive-microservices-prod-node-role\"]},\"Resource\":\"arn:aws:s3:::us-west-2-jive-microservices-prod-logs/*\",\"Sid\":\"Logs\"}],\"Version\":\"2012-10-17\"}",
                            "region": "us-west-2",
                            "request_payer": "BucketOwner",
                            "tags.%": "5",
                            "tags.KubernetesCluster": "us-west-2_jive-microservices-prod",
                            "tags.Name": "us-west-2-jive-microservices-prod-logs",
                            "tags.pipeline_phase": "prod",
                            "tags.region": "us-west-2",
                            "tags.service_component": "logs",
                            "versioning.#": "1",
                            "versioning.0.enabled": "false",
                            "versioning.0.mfa_delete": "false",
                            "website.#": "0"
                        },
                        "meta": {},
                        "tainted": false
                    },
                    "deposed": [],
                    "provider": ""
                },
                "aws_security_group.k8s_etcd_instance": {
                    "type": "aws_security_group",
                    "depends_on": [
                        "aws_security_group.k8s_master_instance",
                        "aws_security_group.k8s_worker_instance",
                        "null_resource.k8s_cluster"
                    ],
                    "primary": {
                        "id": "sg-2b77bb52",
                        "attributes": {
                            "description": "Access to K8S etcd nodes",
                            "egress.#": "0",
                            "id": "sg-2b77bb52",
                            "ingress.#": "2",
                            "ingress.2214532482.cidr_blocks.#": "0",
                            "ingress.2214532482.from_port": "2380",
                            "ingress.2214532482.ipv6_cidr_blocks.#": "0",
                            "ingress.2214532482.protocol": "tcp",
                            "ingress.2214532482.security_groups.#": "2",
                            "ingress.2214532482.security_groups.2968035264": "sg-3277bb4b",
                            "ingress.2214532482.security_groups.3687712405": "sg-3077bb49",
                            "ingress.2214532482.self": "true",
                            "ingress.2214532482.to_port": "2380",
                            "ingress.2811119384.cidr_blocks.#": "0",
                            "ingress.2811119384.from_port": "2379",
                            "ingress.2811119384.ipv6_cidr_blocks.#": "0",
                            "ingress.2811119384.protocol": "tcp",
                            "ingress.2811119384.security_groups.#": "2",
                            "ingress.2811119384.security_groups.2968035264": "sg-3277bb4b",
                            "ingress.2811119384.security_groups.3687712405": "sg-3077bb49",
                            "ingress.2811119384.self": "true",
                            "ingress.2811119384.to_port": "2379",
                            "name": "us-west-2_jive-microservices-prod-kubernetes-etcd-instance",
                            "owner_id": "663559125979",
                            "tags.%": "6",
                            "tags.Name": "us-west-2_jive-microservices-prod-etcd-instance",
                            "tags.jive_service": "k8s",
                            "tags.pipeline_phase": "prod",
                            "tags.region": "us-west-2",
                            "tags.service_component": "k8s-etcd",
                            "tags.sla": "prod",
                            "vpc_id": "vpc-ddd0d3b9"
                        },
                        "meta": {},
                        "tainted": false
                    },
                    "deposed": [],
                    "provider": ""
                },
                "aws_security_group.k8s_master_instance": {
                    "type": "aws_security_group",
                    "depends_on": [
                        "null_resource.k8s_cluster"
                    ],
                    "primary": {
                        "id": "sg-3077bb49",
                        "attributes": {
                            "description": "Access to K8S Master nodes",
                            "egress.#": "0",
                            "id": "sg-3077bb49",
                            "ingress.#": "3",
                            "ingress.2885713073.cidr_blocks.#": "1",
                            "ingress.2885713073.cidr_blocks.0": "10.0.0.0/8",
                            "ingress.2885713073.from_port": "8080",
                            "ingress.2885713073.ipv6_cidr_blocks.#": "0",
                            "ingress.2885713073.protocol": "tcp",
                            "ingress.2885713073.security_groups.#": "0",
                            "ingress.2885713073.self": "true",
                            "ingress.2885713073.to_port": "8080",
                            "ingress.308382187.cidr_blocks.#": "0",
                            "ingress.308382187.from_port": "0",
                            "ingress.308382187.ipv6_cidr_blocks.#": "0",
                            "ingress.308382187.protocol": "-1",
                            "ingress.308382187.security_groups.#": "1",
                            "ingress.308382187.security_groups.2968035264": "sg-3277bb4b",
                            "ingress.308382187.self": "false",
                            "ingress.308382187.to_port": "0",
                            "ingress.691539513.cidr_blocks.#": "1",
                            "ingress.691539513.cidr_blocks.0": "10.0.0.0/8",
                            "ingress.691539513.from_port": "443",
                            "ingress.691539513.ipv6_cidr_blocks.#": "0",
                            "ingress.691539513.protocol": "tcp",
                            "ingress.691539513.security_groups.#": "0",
                            "ingress.691539513.self": "true",
                            "ingress.691539513.to_port": "443",
                            "name": "us-west-2_jive-microservices-prod-master-instance",
                            "owner_id": "663559125979",
                            "tags.%": "6",
                            "tags.Name": "us-west-2_jive-microservices-prod-master-instance",
                            "tags.jive_service": "k8s",
                            "tags.pipeline_phase": "prod",
                            "tags.region": "us-west-2",
                            "tags.service_component": "k8s-master",
                            "tags.sla": "prod",
                            "vpc_id": "vpc-ddd0d3b9"
                        },
                        "meta": {},
                        "tainted": false
                    },
                    "deposed": [],
                    "provider": ""
                },
                "aws_security_group.k8s_worker_instance": {
                    "type": "aws_security_group",
                    "depends_on": [
                        "aws_security_group.k8s_master_instance",
                        "null_resource.k8s_cluster"
                    ],
                    "primary": {
                        "id": "sg-3277bb4b",
                        "attributes": {
                            "description": "Allow traffic to K8S worker nodes",
                            "egress.#": "0",
                            "id": "sg-3277bb4b",
                            "ingress.#": "4",
                            "ingress.2909758181.cidr_blocks.#": "0",
                            "ingress.2909758181.from_port": "0",
                            "ingress.2909758181.ipv6_cidr_blocks.#": "0",
                            "ingress.2909758181.protocol": "-1",
                            "ingress.2909758181.security_groups.#": "7",
                            "ingress.2909758181.security_groups.2010338920": "sg-271d3d5e",
                            "ingress.2909758181.security_groups.2316279089": "sg-b6e1b6cf",
                            "ingress.2909758181.security_groups.2358499943": "sg-b3e0ecca",
                            "ingress.2909758181.security_groups.2743482814": "sg-11ada168",
                            "ingress.2909758181.security_groups.2991428776": "sg-dbfbf7a2",
                            "ingress.2909758181.security_groups.3704183571": "sg-33dd8a4a",
                            "ingress.2909758181.security_groups.896127445": "sg-68808c11",
                            "ingress.2909758181.self": "false",
                            "ingress.2909758181.to_port": "0",
                            "ingress.2938232280.cidr_blocks.#": "0",
                            "ingress.2938232280.from_port": "0",
                            "ingress.2938232280.ipv6_cidr_blocks.#": "0",
                            "ingress.2938232280.protocol": "-1",
                            "ingress.2938232280.security_groups.#": "1",
                            "ingress.2938232280.security_groups.3687712405": "sg-3077bb49",
                            "ingress.2938232280.self": "true",
                            "ingress.2938232280.to_port": "0",
                            "ingress.3107817243.cidr_blocks.#": "1",
                            "ingress.3107817243.cidr_blocks.0": "10.124.96.0/20",
                            "ingress.3107817243.from_port": "30000",
                            "ingress.3107817243.ipv6_cidr_blocks.#": "0",
                            "ingress.3107817243.protocol": "tcp",
                            "ingress.3107817243.security_groups.#": "0",
                            "ingress.3107817243.self": "false",
                            "ingress.3107817243.to_port": "32767",
                            "ingress.3342702186.cidr_blocks.#": "0",
                            "ingress.3342702186.from_port": "0",
                            "ingress.3342702186.ipv6_cidr_blocks.#": "0",
                            "ingress.3342702186.protocol": "-1",
                            "ingress.3342702186.security_groups.#": "3",
                            "ingress.3342702186.security_groups.1039785903": "sg-ff75e986",
                            "ingress.3342702186.security_groups.1722139314": "sg-e382e69a",
                            "ingress.3342702186.security_groups.3550782775": "sg-75ef950c",
                            "ingress.3342702186.self": "false",
                            "ingress.3342702186.to_port": "0",
                            "name": "us-west-2_jive-microservices-prod-worker-instance",
                            "owner_id": "663559125979",
                            "tags.%": "7",
                            "tags.KubernetesCluster": "us-west-2_jive-microservices-prod",
                            "tags.Name": "us-west-2_jive-microservices-prod-worker-instance",
                            "tags.jive_service": "k8s",
                            "tags.pipeline_phase": "prod",
                            "tags.region": "us-west-2",
                            "tags.service_component": "k8s-worker",
                            "tags.sla": "prod",
                            "vpc_id": "vpc-ddd0d3b9"
                        },
                        "meta": {},
                        "tainted": false
                    },
                    "deposed": [],
                    "provider": ""
                },
                "aws_security_group_rule.k8s_master_instance": {
                    "type": "aws_security_group_rule",
                    "depends_on": [
                        "aws_security_group.k8s_master_instance",
                        "aws_security_group.k8s_worker_instance"
                    ],
                    "primary": {
                        "id": "sgrule-3344579711",
                        "attributes": {
                            "cidr_blocks.#": "0",
                            "from_port": "0",
                            "id": "sgrule-3344579711",
                            "ipv6_cidr_blocks.#": "0",
                            "prefix_list_ids.#": "0",
                            "protocol": "-1",
                            "security_group_id": "sg-3077bb49",
                            "self": "false",
                            "source_security_group_id": "sg-3277bb4b",
                            "to_port": "0",
                            "type": "ingress"
                        },
                        "meta": {
                            "schema_version": "2"
                        },
                        "tainted": false
                    },
                    "deposed": [],
                    "provider": ""
                },
                "aws_security_group_rule.k8s_worker_instance": {
                    "type": "aws_security_group_rule",
                    "depends_on": [
                        "aws_security_group.k8s_worker_instance"
                    ],
                    "primary": {
                        "id": "sgrule-37185669",
                        "attributes": {
                            "cidr_blocks.#": "1",
                            "cidr_blocks.0": "10.124.96.0/20",
                            "from_port": "30000",
                            "id": "sgrule-37185669",
                            "ipv6_cidr_blocks.#": "0",
                            "prefix_list_ids.#": "0",
                            "protocol": "tcp",
                            "security_group_id": "sg-3277bb4b",
                            "self": "false",
                            "to_port": "32767",
                            "type": "ingress"
                        },
                        "meta": {
                            "schema_version": "2"
                        },
                        "tainted": false
                    },
                    "deposed": [],
                    "provider": ""
                },
                "data.aws_availability_zones.available": {
                    "type": "aws_availability_zones",
                    "depends_on": [],
                    "primary": {
                        "id": "2017-09-05 16:43:08.866628288 +0000 UTC",
                        "attributes": {
                            "id": "2017-09-05 16:43:08.866628288 +0000 UTC",
                            "names.#": "3",
                            "names.0": "us-west-2a",
                            "names.1": "us-west-2b",
                            "names.2": "us-west-2c"
                        },
                        "meta": {},
                        "tainted": false
                    },
                    "deposed": [],
                    "provider": ""
                },
                "data.aws_iam_policy_document.logging": {
                    "type": "aws_iam_policy_document",
                    "depends_on": [
                        "aws_iam_role.k8s-master",
                        "aws_iam_role.k8s-node"
                    ],
                    "primary": {
                        "id": "315656031",
                        "attributes": {
                            "id": "315656031",
                            "json": "{\n  \"Version\": \"2012-10-17\",\n  \"Statement\": [\n    {\n      \"Sid\": \"Logs\",\n      \"Effect\": \"Allow\",\n      \"Action\": \"s3:PutObject\",\n      \"Resource\": \"arn:aws:s3:::us-west-2-jive-microservices-prod-logs/*\",\n      \"Principal\": {\n        \"AWS\": [\n          \"arn:aws:iam::663559125979:role/us-west-2_jive-microservices-prod-node-role\",\n          \"arn:aws:iam::663559125979:role/us-west-2_jive-microservices-prod-master-role\"\n        ]\n      }\n    }\n  ]\n}",
                            "statement.#": "1",
                            "statement.0.actions.#": "1",
                            "statement.0.actions.315547055": "s3:PutObject",
                            "statement.0.condition.#": "0",
                            "statement.0.effect": "Allow",
                            "statement.0.not_actions.#": "0",
                            "statement.0.not_principals.#": "0",
                            "statement.0.not_resources.#": "0",
                            "statement.0.principals.#": "1",
                            "statement.0.principals.3585946762.identifiers.#": "2",
                            "statement.0.principals.3585946762.identifiers.3037006390": "arn:aws:iam::663559125979:role/us-west-2_jive-microservices-prod-node-role",
                            "statement.0.principals.3585946762.identifiers.3150323599": "arn:aws:iam::663559125979:role/us-west-2_jive-microservices-prod-master-role",
                            "statement.0.principals.3585946762.type": "AWS",
                            "statement.0.resources.#": "1",
                            "statement.0.resources.2847344990": "arn:aws:s3:::us-west-2-jive-microservices-prod-logs/*",
                            "statement.0.sid": "Logs"
                        },
                        "meta": {},
                        "tainted": false
                    },
                    "deposed": [],
                    "provider": ""
                },
                "data.aws_subnet.natdc.0": {
                    "type": "aws_subnet",
                    "depends_on": [
                        "data.aws_availability_zones.available"
                    ],
                    "primary": {
                        "id": "subnet-4e6c2038",
                        "attributes": {
                            "assign_ipv6_address_on_creation": "false",
                            "availability_zone": "us-west-2a",
                            "cidr_block": "10.124.96.0/22",
                            "default_for_az": "false",
                            "id": "subnet-4e6c2038",
                            "map_public_ip_on_launch": "false",
                            "state": "available",
                            "tags.%": "7",
                            "tags.KubernetesCluster": "us-west-2_jive-microservices-prod",
                            "tags.Name": "prod-natdc-subnet",
                            "tags.account_name": "jive-microservices-prod",
                            "tags.kubernetes.io/role/internal-elb": "us-west-2_jive-microservices-prod",
                            "tags.pipeline_phase": "prod",
                            "tags.region": "us-west-2",
                            "tags.sla": "prod",
                            "vpc_id": "vpc-ddd0d3b9"
                        },
                        "meta": {},
                        "tainted": false
                    },
                    "deposed": [],
                    "provider": ""
                },
                "data.aws_subnet.natdc.1": {
                    "type": "aws_subnet",
                    "depends_on": [
                        "data.aws_availability_zones.available"
                    ],
                    "primary": {
                        "id": "subnet-0596a361",
                        "attributes": {
                            "assign_ipv6_address_on_creation": "false",
                            "availability_zone": "us-west-2b",
                            "cidr_block": "10.124.100.0/22",
                            "default_for_az": "false",
                            "id": "subnet-0596a361",
                            "map_public_ip_on_launch": "false",
                            "state": "available",
                            "tags.%": "7",
                            "tags.KubernetesCluster": "us-west-2_jive-microservices-prod",
                            "tags.Name": "prod-natdc-subnet",
                            "tags.account_name": "jive-microservices-prod",
                            "tags.kubernetes.io/role/internal-elb": "us-west-2_jive-microservices-prod",
                            "tags.pipeline_phase": "prod",
                            "tags.region": "us-west-2",
                            "tags.sla": "prod",
                            "vpc_id": "vpc-ddd0d3b9"
                        },
                        "meta": {},
                        "tainted": false
                    },
                    "deposed": [],
                    "provider": ""
                },
                "data.aws_subnet.natdc.2": {
                    "type": "aws_subnet",
                    "depends_on": [
                        "data.aws_availability_zones.available"
                    ],
                    "primary": {
                        "id": "subnet-6a75f632",
                        "attributes": {
                            "assign_ipv6_address_on_creation": "false",
                            "availability_zone": "us-west-2c",
                            "cidr_block": "10.124.104.0/22",
                            "default_for_az": "false",
                            "id": "subnet-6a75f632",
                            "map_public_ip_on_launch": "false",
                            "state": "available",
                            "tags.%": "7",
                            "tags.KubernetesCluster": "us-west-2_jive-microservices-prod",
                            "tags.Name": "prod-natdc-subnet",
                            "tags.account_name": "jive-microservices-prod",
                            "tags.kubernetes.io/role/internal-elb": "us-west-2_jive-microservices-prod",
                            "tags.pipeline_phase": "prod",
                            "tags.region": "us-west-2",
                            "tags.sla": "prod",
                            "vpc_id": "vpc-ddd0d3b9"
                        },
                        "meta": {},
                        "tainted": false
                    },
                    "deposed": [],
                    "provider": ""
                },
                "data.aws_subnet.natdc.3": {
                    "type": "aws_subnet",
                    "depends_on": [
                        "data.aws_availability_zones.available"
                    ],
                    "primary": {
                        "id": "subnet-4e6c2038",
                        "attributes": {
                            "assign_ipv6_address_on_creation": "false",
                            "availability_zone": "us-west-2a",
                            "cidr_block": "10.124.96.0/22",
                            "default_for_az": "false",
                            "id": "subnet-4e6c2038",
                            "map_public_ip_on_launch": "false",
                            "state": "available",
                            "tags.%": "7",
                            "tags.KubernetesCluster": "us-west-2_jive-microservices-prod",
                            "tags.Name": "prod-natdc-subnet",
                            "tags.account_name": "jive-microservices-prod",
                            "tags.kubernetes.io/role/internal-elb": "us-west-2_jive-microservices-prod",
                            "tags.pipeline_phase": "prod",
                            "tags.region": "us-west-2",
                            "tags.sla": "prod",
                            "vpc_id": "vpc-ddd0d3b9"
                        },
                        "meta": {},
                        "tainted": false
                    },
                    "deposed": [],
                    "provider": ""
                },
                "data.aws_subnet.natdc.4": {
                    "type": "aws_subnet",
                    "depends_on": [
                        "data.aws_availability_zones.available"
                    ],
                    "primary": {
                        "id": "subnet-0596a361",
                        "attributes": {
                            "assign_ipv6_address_on_creation": "false",
                            "availability_zone": "us-west-2b",
                            "cidr_block": "10.124.100.0/22",
                            "default_for_az": "false",
                            "id": "subnet-0596a361",
                            "map_public_ip_on_launch": "false",
                            "state": "available",
                            "tags.%": "7",
                            "tags.KubernetesCluster": "us-west-2_jive-microservices-prod",
                            "tags.Name": "prod-natdc-subnet",
                            "tags.account_name": "jive-microservices-prod",
                            "tags.kubernetes.io/role/internal-elb": "us-west-2_jive-microservices-prod",
                            "tags.pipeline_phase": "prod",
                            "tags.region": "us-west-2",
                            "tags.sla": "prod",
                            "vpc_id": "vpc-ddd0d3b9"
                        },
                        "meta": {},
                        "tainted": false
                    },
                    "deposed": [],
                    "provider": ""
                },
                "data.aws_subnet.natdc.5": {
                    "type": "aws_subnet",
                    "depends_on": [
                        "data.aws_availability_zones.available"
                    ],
                    "primary": {
                        "id": "subnet-6a75f632",
                        "attributes": {
                            "assign_ipv6_address_on_creation": "false",
                            "availability_zone": "us-west-2c",
                            "cidr_block": "10.124.104.0/22",
                            "default_for_az": "false",
                            "id": "subnet-6a75f632",
                            "map_public_ip_on_launch": "false",
                            "state": "available",
                            "tags.%": "7",
                            "tags.KubernetesCluster": "us-west-2_jive-microservices-prod",
                            "tags.Name": "prod-natdc-subnet",
                            "tags.account_name": "jive-microservices-prod",
                            "tags.kubernetes.io/role/internal-elb": "us-west-2_jive-microservices-prod",
                            "tags.pipeline_phase": "prod",
                            "tags.region": "us-west-2",
                            "tags.sla": "prod",
                            "vpc_id": "vpc-ddd0d3b9"
                        },
                        "meta": {},
                        "tainted": false
                    },
                    "deposed": [],
                    "provider": ""
                },
                "data.template_file.cloud_config": {
                    "type": "template_file",
                    "depends_on": [
                        "aws_eip.k8s_master_eip",
                        "aws_elb.k8s_master",
                        "null_resource.k8s_cluster"
                    ],
                    "primary": {
                        "id": "e828874e5320c8cbf2aa212aa678a6d38aa086f9f1784d2a8c414dcbeef5f799",
                        "attributes": {
                            "id": "e828874e5320c8cbf2aa212aa678a6d38aa086f9f1784d2a8c414dcbeef5f799",
                            "rendered": "#cloud-config\ncoreos:\n  units:\n    - name: bootstrap.service\n      command: start\n      content: |\n        [Unit]\n        Requires=early-docker.service\n        After=early-docker.service\n        Description=Bootstraps the node\n        [Service]\n        Environment=\"DOCKER_HOST=unix:///var/run/early-docker.sock\"\n        Type=oneshot\n        RemainAfterExit=yes\n        ExecStart=/root/bootstrap.sh\n    - name: settimezone.service\n      command: start\n      content: |\n        [Unit]\n        Description=Set the timezone\n        [Service]\n        ExecStart=/usr/bin/timedatectl set-timezone UTC\n        RemainAfterExit=yes\n        Type=oneshot\nupdate:\n    reboot-strategy: off\nssh_authorized_keys:\n  - ssh-rsa AAAAB3NzaC1yc2EAAAADAQABAAABAQDfBTNflUxbu2ljiDUptKOkxzk46PQ43qIsl3B3YsJB/MjsSx/4cZZABiv25gbFIiZWVF3r/M1/7Fu4TmKAFcKo6UAh+9cCXavUzRXm6fvqrSRhnaaz+g0V4o2vUHOuEvproEbmrP6Nymzeh6Po7ToDesqLIuv9DB87YMJWB4WgmLH8Ox8OlHrgpgW1i9Obh2TtyV/RwtKb1pmzP/dWHP7KHggmxihHKbx8sb+1bgzZ89vkoCoxuttN9w8nVoen8gU0o8aP3r6nt0tXpWhtSdcPtb0qELhDhDeF0NClpDQ83jt/kvOTv5/Y60Di+3qjEuSMK1QglLY1Pya3sk+pwzpV\nwrite_files:\n  - path: /etc/hosts\n    permissions: 0644\n    content: |\n      10.160.4.127 docker.phx1.jivehosted.com\n      10.160.70.25 pulp-slave\nwrite_files:\n  - path: /root/parse_manifest.sh\n    permissions: 0755\n    content: |\n      #!/usr/bin/bash\n      jq -c '.clusters[] | select(.clusterName == \"us-west-2_jive-microservices-prod\") | .ansibleImageVersion' /tmp/cluster_manifest.json\nwrite_files:\n  - path: /root/pam_workaround.sh\n    permissions: 0755\n    content: |\n      #!/usr/bin/bash\n      if [[ -d /lib/pam.d ]]; then\n        rsync -a /lib/pam.d/ /etc/pam.d/\n        sed -i '/pam_systemd.so/d' /etc/pam.d/*\n        sed -i '/pam_nologin.so/d' /etc/pam.d/*\n      fi\nwrite_files:\n  - path: /root/bootstrap.sh\n    permissions: 0755\n    content: |\n      #!/usr/bin/bash\n      #\n      if [ -f /etc/coreos/update.conf ] ; then\n        rm  /etc/coreos/update.conf\n      fi\n\n      declare -r ansible_bucket=https://s3-us-west-2.amazonaws.com/jive-ansible-coreos-jive-infra-prod-usw2\n\n      # Get cluster manifest from S3 bucket\n      curl -XGET -s \\\n      --retry 3 \\\n      --retry-delay 5 \\\n      ${ansible_bucket}/cluster_manifest.json \\\n      --output /tmp/cluster_manifest.json\n\n      # Get ansible-coreos bootstrap script from S3 bucket\n      curl -XGET -s \\\n      --retry 3 \\\n      --retry-delay 5 \\\n      ${ansible_bucket}/run-ansible-container.sh \\\n      --output /tmp/run-ansible-container.sh\n\n      declare -r docker_image=$(bash /root/parse_manifest.sh | sed 's/\"//g')\n      bash -vx /root/pam_workaround.sh\n      bash -vx /tmp/run-ansible-container.sh ${docker_image}\n\n      exit 0\n\n# MASTER_EIP_ALLOC and ELB_NAME are passed from Terraform\n#MASTER_EIP_ALLOC:eipalloc-4ff35528\n",
                            "template": "#cloud-config\ncoreos:\n  units:\n    - name: bootstrap.service\n      command: start\n      content: |\n        [Unit]\n        Requires=early-docker.service\n        After=early-docker.service\n        Description=Bootstraps the node\n        [Service]\n        Environment=\"DOCKER_HOST=unix:///var/run/early-docker.sock\"\n        Type=oneshot\n        RemainAfterExit=yes\n        ExecStart=/root/bootstrap.sh\n    - name: settimezone.service\n      command: start\n      content: |\n        [Unit]\n        Description=Set the timezone\n        [Service]\n        ExecStart=/usr/bin/timedatectl set-timezone UTC\n        RemainAfterExit=yes\n        Type=oneshot\nupdate:\n    reboot-strategy: off\nssh_authorized_keys:\n  - ${COREOS_AUTHKEY}\nwrite_files:\n  - path: /etc/hosts\n    permissions: 0644\n    content: |\n      ${DOCKER_REGISTRY}\n      ${PHX_PULP}\nwrite_files:\n  - path: /root/parse_manifest.sh\n    permissions: 0755\n    content: |\n      #!/usr/bin/bash\n      jq -c '.clusters[] | select(.clusterName == \"${KubernetesCluster}\") | .ansibleImageVersion' /tmp/cluster_manifest.json\nwrite_files:\n  - path: /root/pam_workaround.sh\n    permissions: 0755\n    content: |\n      #!/usr/bin/bash\n      if [[ -d /lib/pam.d ]]; then\n        rsync -a /lib/pam.d/ /etc/pam.d/\n        sed -i '/pam_systemd.so/d' /etc/pam.d/*\n        sed -i '/pam_nologin.so/d' /etc/pam.d/*\n      fi\nwrite_files:\n  - path: /root/bootstrap.sh\n    permissions: 0755\n    content: |\n      #!/usr/bin/bash\n      #\n      if [ -f /etc/coreos/update.conf ] ; then\n        rm  /etc/coreos/update.conf\n      fi\n\n      declare -r ansible_bucket=${ANSIBLE_BUCKET}\n\n      # Get cluster manifest from S3 bucket\n      curl -XGET -s \\\n      --retry 3 \\\n      --retry-delay 5 \\\n      $${ansible_bucket}/cluster_manifest.json \\\n      --output /tmp/cluster_manifest.json\n\n      # Get ansible-coreos bootstrap script from S3 bucket\n      curl -XGET -s \\\n      --retry 3 \\\n      --retry-delay 5 \\\n      $${ansible_bucket}/run-ansible-container.sh \\\n      --output /tmp/run-ansible-container.sh\n\n      declare -r docker_image=$$(bash /root/parse_manifest.sh | sed 's/\"//g')\n      bash -vx /root/pam_workaround.sh\n      bash -vx /tmp/run-ansible-container.sh $${docker_image}\n\n      exit 0\n\n# MASTER_EIP_ALLOC and ELB_NAME are passed from Terraform\n#MASTER_EIP_ALLOC:${MASTER_EIP_ALLOC}\n",
                            "vars.%": "7",
                            "vars.ANSIBLE_BUCKET": "https://s3-us-west-2.amazonaws.com/jive-ansible-coreos-jive-infra-prod-usw2",
                            "vars.COREOS_AUTHKEY": "ssh-rsa AAAAB3NzaC1yc2EAAAADAQABAAABAQDfBTNflUxbu2ljiDUptKOkxzk46PQ43qIsl3B3YsJB/MjsSx/4cZZABiv25gbFIiZWVF3r/M1/7Fu4TmKAFcKo6UAh+9cCXavUzRXm6fvqrSRhnaaz+g0V4o2vUHOuEvproEbmrP6Nymzeh6Po7ToDesqLIuv9DB87YMJWB4WgmLH8Ox8OlHrgpgW1i9Obh2TtyV/RwtKb1pmzP/dWHP7KHggmxihHKbx8sb+1bgzZ89vkoCoxuttN9w8nVoen8gU0o8aP3r6nt0tXpWhtSdcPtb0qELhDhDeF0NClpDQ83jt/kvOTv5/Y60Di+3qjEuSMK1QglLY1Pya3sk+pwzpV",
                            "vars.DOCKER_REGISTRY": "10.160.4.127 docker.phx1.jivehosted.com",
                            "vars.ELB_NAME": "prod-k8s-master-elb",
                            "vars.KubernetesCluster": "us-west-2_jive-microservices-prod",
                            "vars.MASTER_EIP_ALLOC": "eipalloc-4ff35528",
                            "vars.PHX_PULP": "10.160.70.25 pulp-slave"
                        },
                        "meta": {},
                        "tainted": false
                    },
                    "deposed": [],
                    "provider": ""
                },
                "null_resource.k8s_cluster": {
                    "type": "null_resource",
                    "depends_on": [],
                    "primary": {
                        "id": "806272025695832486",
                        "attributes": {
                            "id": "806272025695832486",
                            "triggers.%": "1",
                            "triggers.name": "us-west-2_jive-microservices-prod"
                        },
                        "meta": {},
                        "tainted": false
                    },
                    "deposed": [],
                    "provider": ""
                }
            },
            "depends_on": []
        }
    ]
}
