{
    "version": 3,
    "terraform_version": "0.9.2",
    "serial": 18,
    "lineage": "b3cc5a4f-b567-4627-8633-319459abbcce",
    "modules": [
        {
            "path": [
                "root"
            ],
            "outputs": {},
            "resources": {
                "aws_autoscaling_group.bastion": {
                    "type": "aws_autoscaling_group",
                    "depends_on": [
                        "aws_launch_configuration.bastion",
                        "aws_launch_configuration.bastion",
                        "aws_subnet.natdc"
                    ],
                    "primary": {
                        "id": "infra-prod-bastion-asg-terraform-00f5347a809c43377ae499df72",
                        "attributes": {
                            "arn": "arn:aws:autoscaling:us-west-2:663559125979:autoScalingGroup:c64d65eb-ca8c-4a5e-8167-e181c5afda2e:autoScalingGroupName/infra-prod-bastion-asg-terraform-00f5347a809c43377ae499df72",
                            "availability_zones.#": "1",
                            "availability_zones.2487133097": "us-west-2a",
                            "default_cooldown": "300",
                            "desired_capacity": "1",
                            "force_delete": "false",
                            "health_check_grace_period": "300",
                            "health_check_type": "EC2",
                            "id": "infra-prod-bastion-asg-terraform-00f5347a809c43377ae499df72",
                            "launch_configuration": "terraform-00f5347a809c43377ae499df72",
                            "load_balancers.#": "0",
                            "max_size": "1",
                            "metrics_granularity": "1Minute",
                            "min_size": "1",
                            "name": "infra-prod-bastion-asg-terraform-00f5347a809c43377ae499df72",
                            "placement_group": "",
                            "protect_from_scale_in": "false",
                            "suspended_processes.#": "0",
                            "tag.#": "8",
                            "tag.169118653.key": "sla",
                            "tag.169118653.propagate_at_launch": "true",
                            "tag.169118653.value": "prod",
                            "tag.2005627539.key": "region",
                            "tag.2005627539.propagate_at_launch": "true",
                            "tag.2005627539.value": "us-west-2",
                            "tag.2099585974.key": "pipeline_phase",
                            "tag.2099585974.propagate_at_launch": "true",
                            "tag.2099585974.value": "infra-prod",
                            "tag.2277788810.key": "bastionip",
                            "tag.2277788810.propagate_at_launch": "true",
                            "tag.2277788810.value": "10.127.36.7",
                            "tag.2734052481.key": "service_component",
                            "tag.2734052481.propagate_at_launch": "true",
                            "tag.2734052481.value": "bastion",
                            "tag.3153515461.key": "Name",
                            "tag.3153515461.propagate_at_launch": "true",
                            "tag.3153515461.value": "infra-prod-bastion-instance",
                            "tag.4097924399.key": "account_name",
                            "tag.4097924399.propagate_at_launch": "true",
                            "tag.4097924399.value": "jive-microservices-prod",
                            "tag.853938758.key": "jive_service",
                            "tag.853938758.propagate_at_launch": "true",
                            "tag.853938758.value": "infrastructure",
                            "target_group_arns.#": "0",
                            "termination_policies.#": "0",
                            "vpc_zone_identifier.#": "1",
                            "vpc_zone_identifier.831742593": "subnet-254ff853",
                            "wait_for_capacity_timeout": "10m"
                        },
                        "meta": {},
                        "tainted": false
                    },
                    "deposed": [],
                    "provider": ""
                },
                "aws_eip.natgw.0": {
                    "type": "aws_eip",
                    "depends_on": [],
                    "primary": {
                        "id": "eipalloc-ca83d2ae",
                        "attributes": {
                            "association_id": "eipassoc-47522f7d",
                            "domain": "vpc",
                            "id": "eipalloc-ca83d2ae",
                            "instance": "",
                            "network_interface": "eni-7c1e2946",
                            "private_ip": "10.127.36.101",
                            "public_ip": "52.41.75.155",
                            "vpc": "true"
                        },
                        "meta": {},
                        "tainted": false
                    },
                    "deposed": [],
                    "provider": ""
                },
                "aws_eip.natgw.1": {
                    "type": "aws_eip",
                    "depends_on": [],
                    "primary": {
                        "id": "eipalloc-893fa6b3",
                        "attributes": {
                            "association_id": "eipassoc-704c314a",
                            "domain": "vpc",
                            "id": "eipalloc-893fa6b3",
                            "instance": "",
                            "network_interface": "eni-ce0512e6",
                            "private_ip": "10.127.36.155",
                            "public_ip": "52.25.4.51",
                            "vpc": "true"
                        },
                        "meta": {},
                        "tainted": false
                    },
                    "deposed": [],
                    "provider": ""
                },
                "aws_eip.natgw.2": {
                    "type": "aws_eip",
                    "depends_on": [],
                    "primary": {
                        "id": "eipalloc-f63aa3cc",
                        "attributes": {
                            "association_id": "eipassoc-cd4d30f7",
                            "domain": "vpc",
                            "id": "eipalloc-f63aa3cc",
                            "instance": "",
                            "network_interface": "eni-250e4b29",
                            "private_ip": "10.127.36.182",
                            "public_ip": "54.71.130.154",
                            "vpc": "true"
                        },
                        "meta": {},
                        "tainted": false
                    },
                    "deposed": [],
                    "provider": ""
                },
                "aws_internet_gateway.igw": {
                    "type": "aws_internet_gateway",
                    "depends_on": [
                        "aws_vpc.main"
                    ],
                    "primary": {
                        "id": "igw-0e29316b",
                        "attributes": {
                            "id": "igw-0e29316b",
                            "tags.%": "5",
                            "tags.Name": "infra-prod-igw",
                            "tags.account_name": "jive-microservices-prod",
                            "tags.pipeline_phase": "infra-prod",
                            "tags.region": "us-west-2",
                            "tags.sla": "prod",
                            "vpc_id": "vpc-b04e2bd4"
                        },
                        "meta": {},
                        "tainted": false
                    },
                    "deposed": [],
                    "provider": ""
                },
                "aws_launch_configuration.bastion": {
                    "type": "aws_launch_configuration",
                    "depends_on": [],
                    "primary": {
                        "id": "terraform-00f5347a809c43377ae499df72",
                        "attributes": {
                            "associate_public_ip_address": "false",
                            "ebs_block_device.#": "0",
                            "ebs_optimized": "false",
                            "enable_monitoring": "true",
                            "ephemeral_block_device.#": "0",
                            "iam_instance_profile": "eni-attach-profile",
                            "id": "terraform-00f5347a809c43377ae499df72",
                            "image_id": "ami-d2c924b2",
                            "instance_type": "t2.medium",
                            "key_name": "microservices-prod",
                            "name": "terraform-00f5347a809c43377ae499df72",
                            "root_block_device.#": "1",
                            "root_block_device.0.delete_on_termination": "true",
                            "root_block_device.0.iops": "0",
                            "root_block_device.0.volume_size": "25",
                            "root_block_device.0.volume_type": "",
                            "security_groups.#": "1",
                            "security_groups.2482445912": "sg-19329b7f",
                            "spot_price": "",
                            "user_data": "0935999b1331b2c1de50bf1b72aeb331094b850e",
                            "vpc_classic_link_id": "",
                            "vpc_classic_link_security_groups.#": "0"
                        },
                        "meta": {},
                        "tainted": false
                    },
                    "deposed": [],
                    "provider": ""
                },
                "aws_nat_gateway.natgw.0": {
                    "type": "aws_nat_gateway",
                    "depends_on": [
                        "aws_eip.natgw.*",
                        "aws_internet_gateway.igw",
                        "aws_subnet.public.*"
                    ],
                    "primary": {
                        "id": "nat-095aae5cb8886c658",
                        "attributes": {
                            "allocation_id": "eipalloc-ca83d2ae",
                            "id": "nat-095aae5cb8886c658",
                            "network_interface_id": "eni-7c1e2946",
                            "private_ip": "10.127.36.101",
                            "public_ip": "52.41.75.155",
                            "subnet_id": "subnet-244ff852"
                        },
                        "meta": {},
                        "tainted": false
                    },
                    "deposed": [],
                    "provider": ""
                },
                "aws_nat_gateway.natgw.1": {
                    "type": "aws_nat_gateway",
                    "depends_on": [
                        "aws_eip.natgw.*",
                        "aws_internet_gateway.igw",
                        "aws_subnet.public.*"
                    ],
                    "primary": {
                        "id": "nat-09a4be8a3b265b887",
                        "attributes": {
                            "allocation_id": "eipalloc-893fa6b3",
                            "id": "nat-09a4be8a3b265b887",
                            "network_interface_id": "eni-ce0512e6",
                            "private_ip": "10.127.36.155",
                            "public_ip": "52.25.4.51",
                            "subnet_id": "subnet-2b77eb4f"
                        },
                        "meta": {},
                        "tainted": false
                    },
                    "deposed": [],
                    "provider": ""
                },
                "aws_nat_gateway.natgw.2": {
                    "type": "aws_nat_gateway",
                    "depends_on": [
                        "aws_eip.natgw.*",
                        "aws_internet_gateway.igw",
                        "aws_subnet.public.*"
                    ],
                    "primary": {
                        "id": "nat-01fe0693533428d9a",
                        "attributes": {
                            "allocation_id": "eipalloc-f63aa3cc",
                            "id": "nat-01fe0693533428d9a",
                            "network_interface_id": "eni-250e4b29",
                            "private_ip": "10.127.36.182",
                            "public_ip": "54.71.130.154",
                            "subnet_id": "subnet-4d718915"
                        },
                        "meta": {},
                        "tainted": false
                    },
                    "deposed": [],
                    "provider": ""
                },
                "aws_network_interface.bastion": {
                    "type": "aws_network_interface",
                    "depends_on": [
                        "aws_security_group.jive_phx_dc",
                        "aws_subnet.natdc"
                    ],
                    "primary": {
                        "id": "eni-7ac21136",
                        "attributes": {
                            "attachment.#": "1",
                            "attachment.3856985664.attachment_id": "eni-attach-f35b9e8b",
                            "attachment.3856985664.device_index": "1",
                            "attachment.3856985664.instance": "i-020af88b1ee374141",
                            "description": "",
                            "id": "eni-7ac21136",
                            "private_ips.#": "1",
                            "private_ips.3228884383": "10.127.36.7",
                            "security_groups.#": "1",
                            "security_groups.2482445912": "sg-19329b7f",
                            "source_dest_check": "true",
                            "subnet_id": "subnet-254ff853",
                            "tags.%": "7",
                            "tags.Name": "infra-prod-bastion-instance",
                            "tags.account_name": "jive-microservices-prod",
                            "tags.jive_service": "infrastructure",
                            "tags.pipeline_phase": "infra-prod",
                            "tags.region": "us-west-2",
                            "tags.service_component": "bastion",
                            "tags.sla": "prod"
                        },
                        "meta": {},
                        "tainted": false
                    },
                    "deposed": [],
                    "provider": ""
                },
                "aws_route53_record.bastion": {
                    "type": "aws_route53_record",
                    "depends_on": [],
                    "primary": {
                        "id": "Z3IWCGZKOXJTEC_bastion-us-west-2-jive-microservices-prod_A",
                        "attributes": {
                            "fqdn": "bastion-us-west-2-jive-microservices-prod.jiveprivate.com",
                            "health_check_id": "",
                            "id": "Z3IWCGZKOXJTEC_bastion-us-west-2-jive-microservices-prod_A",
                            "name": "bastion-us-west-2-jive-microservices-prod",
                            "records.#": "1",
                            "records.3228884383": "10.127.36.7",
                            "set_identifier": "",
                            "ttl": "60",
                            "type": "A",
                            "zone_id": "Z3IWCGZKOXJTEC"
                        },
                        "meta": {
                            "schema_version": "2"
                        },
                        "tainted": false
                    },
                    "deposed": [],
                    "provider": ""
                },
                "aws_route53_zone_association.route53": {
                    "type": "aws_route53_zone_association",
                    "depends_on": [
                        "aws_vpc.main"
                    ],
                    "primary": {
                        "id": "Z3IWCGZKOXJTEC:vpc-b04e2bd4",
                        "attributes": {
                            "id": "Z3IWCGZKOXJTEC:vpc-b04e2bd4",
                            "vpc_id": "vpc-b04e2bd4",
                            "vpc_region": "us-west-2",
                            "zone_id": "Z3IWCGZKOXJTEC"
                        },
                        "meta": {},
                        "tainted": false
                    },
                    "deposed": [],
                    "provider": ""
                },
                "aws_route_table.natdc.0": {
                    "type": "aws_route_table",
                    "depends_on": [
                        "aws_nat_gateway.natgw",
                        "aws_vpc.main",
                        "aws_vpn_gateway.vgw"
                    ],
                    "primary": {
                        "id": "rtb-9f83c8fb",
                        "attributes": {
                            "id": "rtb-9f83c8fb",
                            "propagating_vgws.#": "1",
                            "propagating_vgws.2997152179": "vgw-86f52c98",
                            "route.#": "3",
                            "route.2356427786.cidr_block": "0.0.0.0/0",
                            "route.2356427786.egress_only_gateway_id": "",
                            "route.2356427786.gateway_id": "",
                            "route.2356427786.instance_id": "",
                            "route.2356427786.ipv6_cidr_block": "",
                            "route.2356427786.nat_gateway_id": "nat-01fe0693533428d9a",
                            "route.2356427786.network_interface_id": "",
                            "route.2356427786.vpc_peering_connection_id": "",
                            "route.2801170619.cidr_block": "10.124.96.0/20",
                            "route.2801170619.egress_only_gateway_id": "",
                            "route.2801170619.gateway_id": "",
                            "route.2801170619.instance_id": "",
                            "route.2801170619.ipv6_cidr_block": "",
                            "route.2801170619.nat_gateway_id": "",
                            "route.2801170619.network_interface_id": "",
                            "route.2801170619.vpc_peering_connection_id": "pcx-f0a21c99",
                            "route.3811212073.cidr_block": "10.122.112.0/20",
                            "route.3811212073.egress_only_gateway_id": "",
                            "route.3811212073.gateway_id": "",
                            "route.3811212073.instance_id": "",
                            "route.3811212073.ipv6_cidr_block": "",
                            "route.3811212073.nat_gateway_id": "",
                            "route.3811212073.network_interface_id": "",
                            "route.3811212073.vpc_peering_connection_id": "pcx-6a893003",
                            "tags.%": "5",
                            "tags.Name": "infra-prod-natdc-routetable",
                            "tags.account_name": "jive-microservices-prod",
                            "tags.pipeline_phase": "infra-prod",
                            "tags.region": "us-west-2",
                            "tags.sla": "prod",
                            "vpc_id": "vpc-b04e2bd4"
                        },
                        "meta": {},
                        "tainted": false
                    },
                    "deposed": [],
                    "provider": ""
                },
                "aws_route_table.natdc.1": {
                    "type": "aws_route_table",
                    "depends_on": [
                        "aws_nat_gateway.natgw.*",
                        "aws_vpc.main",
                        "aws_vpn_gateway.vgw"
                    ],
                    "primary": {
                        "id": "rtb-a0c817c6",
                        "attributes": {
                            "id": "rtb-a0c817c6",
                            "propagating_vgws.#": "1",
                            "propagating_vgws.2997152179": "vgw-86f52c98",
                            "route.#": "3",
                            "route.1067316799.cidr_block": "0.0.0.0/0",
                            "route.1067316799.egress_only_gateway_id": "",
                            "route.1067316799.gateway_id": "",
                            "route.1067316799.instance_id": "",
                            "route.1067316799.ipv6_cidr_block": "",
                            "route.1067316799.nat_gateway_id": "nat-09a4be8a3b265b887",
                            "route.1067316799.network_interface_id": "",
                            "route.1067316799.vpc_peering_connection_id": "",
                            "route.2801170619.cidr_block": "10.124.96.0/20",
                            "route.2801170619.egress_only_gateway_id": "",
                            "route.2801170619.gateway_id": "",
                            "route.2801170619.instance_id": "",
                            "route.2801170619.ipv6_cidr_block": "",
                            "route.2801170619.nat_gateway_id": "",
                            "route.2801170619.network_interface_id": "",
                            "route.2801170619.vpc_peering_connection_id": "pcx-f0a21c99",
                            "route.3811212073.cidr_block": "10.122.112.0/20",
                            "route.3811212073.egress_only_gateway_id": "",
                            "route.3811212073.gateway_id": "",
                            "route.3811212073.instance_id": "",
                            "route.3811212073.ipv6_cidr_block": "",
                            "route.3811212073.nat_gateway_id": "",
                            "route.3811212073.network_interface_id": "",
                            "route.3811212073.vpc_peering_connection_id": "pcx-6a893003",
                            "tags.%": "5",
                            "tags.Name": "infra-prod-natdc-routetable",
                            "tags.account_name": "jive-microservices-prod",
                            "tags.pipeline_phase": "infra-prod",
                            "tags.region": "us-west-2",
                            "tags.sla": "prod",
                            "vpc_id": "vpc-b04e2bd4"
                        },
                        "meta": {},
                        "tainted": false
                    },
                    "deposed": [],
                    "provider": ""
                },
                "aws_route_table.natdc.2": {
                    "type": "aws_route_table",
                    "depends_on": [
                        "aws_nat_gateway.natgw.*",
                        "aws_vpc.main",
                        "aws_vpn_gateway.vgw"
                    ],
                    "primary": {
                        "id": "rtb-66cb1400",
                        "attributes": {
                            "id": "rtb-66cb1400",
                            "propagating_vgws.#": "1",
                            "propagating_vgws.2997152179": "vgw-86f52c98",
                            "route.#": "3",
                            "route.2356427786.cidr_block": "0.0.0.0/0",
                            "route.2356427786.egress_only_gateway_id": "",
                            "route.2356427786.gateway_id": "",
                            "route.2356427786.instance_id": "",
                            "route.2356427786.ipv6_cidr_block": "",
                            "route.2356427786.nat_gateway_id": "nat-01fe0693533428d9a",
                            "route.2356427786.network_interface_id": "",
                            "route.2356427786.vpc_peering_connection_id": "",
                            "route.2801170619.cidr_block": "10.124.96.0/20",
                            "route.2801170619.egress_only_gateway_id": "",
                            "route.2801170619.gateway_id": "",
                            "route.2801170619.instance_id": "",
                            "route.2801170619.ipv6_cidr_block": "",
                            "route.2801170619.nat_gateway_id": "",
                            "route.2801170619.network_interface_id": "",
                            "route.2801170619.vpc_peering_connection_id": "pcx-f0a21c99",
                            "route.3811212073.cidr_block": "10.122.112.0/20",
                            "route.3811212073.egress_only_gateway_id": "",
                            "route.3811212073.gateway_id": "",
                            "route.3811212073.instance_id": "",
                            "route.3811212073.ipv6_cidr_block": "",
                            "route.3811212073.nat_gateway_id": "",
                            "route.3811212073.network_interface_id": "",
                            "route.3811212073.vpc_peering_connection_id": "pcx-6a893003",
                            "tags.%": "5",
                            "tags.Name": "infra-prod-natdc-routetable",
                            "tags.account_name": "jive-microservices-prod",
                            "tags.pipeline_phase": "infra-prod",
                            "tags.region": "us-west-2",
                            "tags.sla": "prod",
                            "vpc_id": "vpc-b04e2bd4"
                        },
                        "meta": {},
                        "tainted": false
                    },
                    "deposed": [],
                    "provider": ""
                },
                "aws_route_table.private": {
                    "type": "aws_route_table",
                    "depends_on": [
                        "aws_vpc.main"
                    ],
                    "primary": {
                        "id": "rtb-3f83c85b",
                        "attributes": {
                            "id": "rtb-3f83c85b",
                            "propagating_vgws.#": "0",
                            "route.#": "2",
                            "route.2801170619.cidr_block": "10.124.96.0/20",
                            "route.2801170619.egress_only_gateway_id": "",
                            "route.2801170619.gateway_id": "",
                            "route.2801170619.instance_id": "",
                            "route.2801170619.ipv6_cidr_block": "",
                            "route.2801170619.nat_gateway_id": "",
                            "route.2801170619.network_interface_id": "",
                            "route.2801170619.vpc_peering_connection_id": "pcx-f0a21c99",
                            "route.3811212073.cidr_block": "10.122.112.0/20",
                            "route.3811212073.egress_only_gateway_id": "",
                            "route.3811212073.gateway_id": "",
                            "route.3811212073.instance_id": "",
                            "route.3811212073.ipv6_cidr_block": "",
                            "route.3811212073.nat_gateway_id": "",
                            "route.3811212073.network_interface_id": "",
                            "route.3811212073.vpc_peering_connection_id": "pcx-6a893003",
                            "tags.%": "5",
                            "tags.Name": "infra-prod-private-routetable",
                            "tags.account_name": "jive-microservices-prod",
                            "tags.pipeline_phase": "infra-prod",
                            "tags.region": "us-west-2",
                            "tags.sla": "prod",
                            "vpc_id": "vpc-b04e2bd4"
                        },
                        "meta": {},
                        "tainted": false
                    },
                    "deposed": [],
                    "provider": ""
                },
                "aws_route_table.public": {
                    "type": "aws_route_table",
                    "depends_on": [
                        "aws_internet_gateway.igw",
                        "aws_vpc.main"
                    ],
                    "primary": {
                        "id": "rtb-3b83c85f",
                        "attributes": {
                            "id": "rtb-3b83c85f",
                            "propagating_vgws.#": "0",
                            "route.#": "3",
                            "route.1814773421.cidr_block": "0.0.0.0/0",
                            "route.1814773421.egress_only_gateway_id": "",
                            "route.1814773421.gateway_id": "igw-0e29316b",
                            "route.1814773421.instance_id": "",
                            "route.1814773421.ipv6_cidr_block": "",
                            "route.1814773421.nat_gateway_id": "",
                            "route.1814773421.network_interface_id": "",
                            "route.1814773421.vpc_peering_connection_id": "",
                            "route.2801170619.cidr_block": "10.124.96.0/20",
                            "route.2801170619.egress_only_gateway_id": "",
                            "route.2801170619.gateway_id": "",
                            "route.2801170619.instance_id": "",
                            "route.2801170619.ipv6_cidr_block": "",
                            "route.2801170619.nat_gateway_id": "",
                            "route.2801170619.network_interface_id": "",
                            "route.2801170619.vpc_peering_connection_id": "pcx-f0a21c99",
                            "route.3811212073.cidr_block": "10.122.112.0/20",
                            "route.3811212073.egress_only_gateway_id": "",
                            "route.3811212073.gateway_id": "",
                            "route.3811212073.instance_id": "",
                            "route.3811212073.ipv6_cidr_block": "",
                            "route.3811212073.nat_gateway_id": "",
                            "route.3811212073.network_interface_id": "",
                            "route.3811212073.vpc_peering_connection_id": "pcx-6a893003",
                            "tags.%": "5",
                            "tags.Name": "infra-prod-public-routetable",
                            "tags.account_name": "jive-microservices-prod",
                            "tags.pipeline_phase": "infra-prod",
                            "tags.region": "us-west-2",
                            "tags.sla": "prod",
                            "vpc_id": "vpc-b04e2bd4"
                        },
                        "meta": {},
                        "tainted": false
                    },
                    "deposed": [],
                    "provider": ""
                },
                "aws_route_table_association.natdc.0": {
                    "type": "aws_route_table_association",
                    "depends_on": [
                        "aws_route_table.natdc.*",
                        "aws_subnet.natdc.*"
                    ],
                    "primary": {
                        "id": "rtbassoc-09e22e6e",
                        "attributes": {
                            "id": "rtbassoc-09e22e6e",
                            "route_table_id": "rtb-9f83c8fb",
                            "subnet_id": "subnet-3077eb54"
                        },
                        "meta": {},
                        "tainted": false
                    },
                    "deposed": [],
                    "provider": ""
                },
                "aws_route_table_association.natdc.1": {
                    "type": "aws_route_table_association",
                    "depends_on": [
                        "aws_route_table.natdc.*",
                        "aws_subnet.natdc.*"
                    ],
                    "primary": {
                        "id": "rtbassoc-dbf338a2",
                        "attributes": {
                            "id": "rtbassoc-dbf338a2",
                            "route_table_id": "rtb-a0c817c6",
                            "subnet_id": "subnet-4b718913"
                        },
                        "meta": {},
                        "tainted": false
                    },
                    "deposed": [],
                    "provider": ""
                },
                "aws_route_table_association.natdc.2": {
                    "type": "aws_route_table_association",
                    "depends_on": [
                        "aws_route_table.natdc.*",
                        "aws_subnet.natdc.*"
                    ],
                    "primary": {
                        "id": "rtbassoc-43f3383a",
                        "attributes": {
                            "id": "rtbassoc-43f3383a",
                            "route_table_id": "rtb-66cb1400",
                            "subnet_id": "subnet-254ff853"
                        },
                        "meta": {},
                        "tainted": false
                    },
                    "deposed": [],
                    "provider": ""
                },
                "aws_route_table_association.private.0": {
                    "type": "aws_route_table_association",
                    "depends_on": [
                        "aws_route_table.private",
                        "aws_subnet.private"
                    ],
                    "primary": {
                        "id": "rtbassoc-aee12dc9",
                        "attributes": {
                            "id": "rtbassoc-aee12dc9",
                            "route_table_id": "rtb-3f83c85b",
                            "subnet_id": "subnet-274ff851"
                        },
                        "meta": {},
                        "tainted": false
                    },
                    "deposed": [],
                    "provider": ""
                },
                "aws_route_table_association.private.1": {
                    "type": "aws_route_table_association",
                    "depends_on": [
                        "aws_route_table.private",
                        "aws_subnet.private"
                    ],
                    "primary": {
                        "id": "rtbassoc-ade12dca",
                        "attributes": {
                            "id": "rtbassoc-ade12dca",
                            "route_table_id": "rtb-3f83c85b",
                            "subnet_id": "subnet-3177eb55"
                        },
                        "meta": {},
                        "tainted": false
                    },
                    "deposed": [],
                    "provider": ""
                },
                "aws_route_table_association.private.2": {
                    "type": "aws_route_table_association",
                    "depends_on": [
                        "aws_route_table.private",
                        "aws_subnet.private"
                    ],
                    "primary": {
                        "id": "rtbassoc-ace12dcb",
                        "attributes": {
                            "id": "rtbassoc-ace12dcb",
                            "route_table_id": "rtb-3f83c85b",
                            "subnet_id": "subnet-4a718912"
                        },
                        "meta": {},
                        "tainted": false
                    },
                    "deposed": [],
                    "provider": ""
                },
                "aws_route_table_association.public.0": {
                    "type": "aws_route_table_association",
                    "depends_on": [
                        "aws_route_table.public",
                        "aws_subnet.public"
                    ],
                    "primary": {
                        "id": "rtbassoc-a9e12dce",
                        "attributes": {
                            "id": "rtbassoc-a9e12dce",
                            "route_table_id": "rtb-3b83c85f",
                            "subnet_id": "subnet-244ff852"
                        },
                        "meta": {},
                        "tainted": false
                    },
                    "deposed": [],
                    "provider": ""
                },
                "aws_route_table_association.public.1": {
                    "type": "aws_route_table_association",
                    "depends_on": [
                        "aws_route_table.public",
                        "aws_subnet.public"
                    ],
                    "primary": {
                        "id": "rtbassoc-aae12dcd",
                        "attributes": {
                            "id": "rtbassoc-aae12dcd",
                            "route_table_id": "rtb-3b83c85f",
                            "subnet_id": "subnet-2b77eb4f"
                        },
                        "meta": {},
                        "tainted": false
                    },
                    "deposed": [],
                    "provider": ""
                },
                "aws_route_table_association.public.2": {
                    "type": "aws_route_table_association",
                    "depends_on": [
                        "aws_route_table.public",
                        "aws_subnet.public"
                    ],
                    "primary": {
                        "id": "rtbassoc-abe12dcc",
                        "attributes": {
                            "id": "rtbassoc-abe12dcc",
                            "route_table_id": "rtb-3b83c85f",
                            "subnet_id": "subnet-4d718915"
                        },
                        "meta": {},
                        "tainted": false
                    },
                    "deposed": [],
                    "provider": ""
                },
                "aws_security_group.env_instance": {
                    "type": "aws_security_group",
                    "depends_on": [
                        "aws_vpc.main"
                    ],
                    "primary": {
                        "id": "sg-1426b56f",
                        "attributes": {
                            "description": "Empty SG for all instances within the evironment",
                            "egress.#": "0",
                            "id": "sg-1426b56f",
                            "ingress.#": "0",
                            "name": "infra-prod-instance",
                            "owner_id": "663559125979",
                            "tags.%": "5",
                            "tags.Name": "infra-prod-instance",
                            "tags.account_name": "jive-microservices-prod",
                            "tags.pipeline_phase": "infra-prod",
                            "tags.region": "us-west-2",
                            "tags.sla": "prod",
                            "vpc_id": "vpc-b04e2bd4"
                        },
                        "meta": {},
                        "tainted": false
                    },
                    "deposed": [],
                    "provider": ""
                },
                "aws_security_group.jive_phx_dc": {
                    "type": "aws_security_group",
                    "depends_on": [
                        "aws_vpc.main"
                    ],
                    "primary": {
                        "id": "sg-19329b7f",
                        "attributes": {
                            "description": "Allow SSH and Ping from CIDRs within Jive PHX Data Center",
                            "egress.#": "1",
                            "egress.482069346.cidr_blocks.#": "1",
                            "egress.482069346.cidr_blocks.0": "0.0.0.0/0",
                            "egress.482069346.from_port": "0",
                            "egress.482069346.ipv6_cidr_blocks.#": "0",
                            "egress.482069346.prefix_list_ids.#": "0",
                            "egress.482069346.protocol": "-1",
                            "egress.482069346.security_groups.#": "0",
                            "egress.482069346.self": "false",
                            "egress.482069346.to_port": "0",
                            "id": "sg-19329b7f",
                            "ingress.#": "2",
                            "ingress.179083333.cidr_blocks.#": "1",
                            "ingress.179083333.cidr_blocks.0": "10.0.0.0/8",
                            "ingress.179083333.from_port": "22",
                            "ingress.179083333.ipv6_cidr_blocks.#": "0",
                            "ingress.179083333.protocol": "tcp",
                            "ingress.179083333.security_groups.#": "0",
                            "ingress.179083333.self": "false",
                            "ingress.179083333.to_port": "22",
                            "ingress.3280021429.cidr_blocks.#": "1",
                            "ingress.3280021429.cidr_blocks.0": "10.0.0.0/8",
                            "ingress.3280021429.from_port": "8",
                            "ingress.3280021429.ipv6_cidr_blocks.#": "0",
                            "ingress.3280021429.protocol": "icmp",
                            "ingress.3280021429.security_groups.#": "0",
                            "ingress.3280021429.self": "false",
                            "ingress.3280021429.to_port": "0",
                            "name": "infra-prod-jive-phx-dc",
                            "owner_id": "663559125979",
                            "tags.%": "5",
                            "tags.Name": "infra-prod-jive-phx-dc",
                            "tags.account_name": "jive-microservices-prod",
                            "tags.pipeline_phase": "infra-prod",
                            "tags.region": "us-west-2",
                            "tags.sla": "prod",
                            "vpc_id": "vpc-b04e2bd4"
                        },
                        "meta": {},
                        "tainted": false
                    },
                    "deposed": [],
                    "provider": ""
                },
                "aws_subnet.natdc.0": {
                    "type": "aws_subnet",
                    "depends_on": [
                        "aws_vpc.main"
                    ],
                    "primary": {
                        "id": "subnet-254ff853",
                        "attributes": {
                            "assign_ipv6_address_on_creation": "false",
                            "availability_zone": "us-west-2a",
                            "cidr_block": "10.127.36.0/27",
                            "id": "subnet-254ff853",
                            "map_public_ip_on_launch": "false",
                            "tags.%": "5",
                            "tags.Name": "infra-prod-natdc-subnet",
                            "tags.account_name": "jive-microservices-prod",
                            "tags.pipeline_phase": "infra-prod",
                            "tags.region": "us-west-2",
                            "tags.sla": "prod",
                            "vpc_id": "vpc-b04e2bd4"
                        },
                        "meta": {},
                        "tainted": false
                    },
                    "deposed": [],
                    "provider": ""
                },
                "aws_subnet.natdc.1": {
                    "type": "aws_subnet",
                    "depends_on": [
                        "aws_vpc.main"
                    ],
                    "primary": {
                        "id": "subnet-3077eb54",
                        "attributes": {
                            "assign_ipv6_address_on_creation": "false",
                            "availability_zone": "us-west-2b",
                            "cidr_block": "10.127.36.32/27",
                            "id": "subnet-3077eb54",
                            "map_public_ip_on_launch": "false",
                            "tags.%": "5",
                            "tags.Name": "infra-prod-natdc-subnet",
                            "tags.account_name": "jive-microservices-prod",
                            "tags.pipeline_phase": "infra-prod",
                            "tags.region": "us-west-2",
                            "tags.sla": "prod",
                            "vpc_id": "vpc-b04e2bd4"
                        },
                        "meta": {},
                        "tainted": false
                    },
                    "deposed": [],
                    "provider": ""
                },
                "aws_subnet.natdc.2": {
                    "type": "aws_subnet",
                    "depends_on": [
                        "aws_vpc.main"
                    ],
                    "primary": {
                        "id": "subnet-4b718913",
                        "attributes": {
                            "assign_ipv6_address_on_creation": "false",
                            "availability_zone": "us-west-2c",
                            "cidr_block": "10.127.36.64/27",
                            "id": "subnet-4b718913",
                            "map_public_ip_on_launch": "false",
                            "tags.%": "5",
                            "tags.Name": "infra-prod-natdc-subnet",
                            "tags.account_name": "jive-microservices-prod",
                            "tags.pipeline_phase": "infra-prod",
                            "tags.region": "us-west-2",
                            "tags.sla": "prod",
                            "vpc_id": "vpc-b04e2bd4"
                        },
                        "meta": {},
                        "tainted": false
                    },
                    "deposed": [],
                    "provider": ""
                },
                "aws_subnet.private.0": {
                    "type": "aws_subnet",
                    "depends_on": [
                        "aws_vpc.main"
                    ],
                    "primary": {
                        "id": "subnet-274ff851",
                        "attributes": {
                            "assign_ipv6_address_on_creation": "false",
                            "availability_zone": "us-west-2a",
                            "cidr_block": "10.127.36.192/28",
                            "id": "subnet-274ff851",
                            "map_public_ip_on_launch": "false",
                            "tags.%": "5",
                            "tags.Name": "infra-prod-private-subnet",
                            "tags.account_name": "jive-microservices-prod",
                            "tags.pipeline_phase": "infra-prod",
                            "tags.region": "us-west-2",
                            "tags.sla": "prod",
                            "vpc_id": "vpc-b04e2bd4"
                        },
                        "meta": {},
                        "tainted": false
                    },
                    "deposed": [],
                    "provider": ""
                },
                "aws_subnet.private.1": {
                    "type": "aws_subnet",
                    "depends_on": [
                        "aws_vpc.main"
                    ],
                    "primary": {
                        "id": "subnet-3177eb55",
                        "attributes": {
                            "assign_ipv6_address_on_creation": "false",
                            "availability_zone": "us-west-2b",
                            "cidr_block": "10.127.36.208/28",
                            "id": "subnet-3177eb55",
                            "map_public_ip_on_launch": "false",
                            "tags.%": "5",
                            "tags.Name": "infra-prod-private-subnet",
                            "tags.account_name": "jive-microservices-prod",
                            "tags.pipeline_phase": "infra-prod",
                            "tags.region": "us-west-2",
                            "tags.sla": "prod",
                            "vpc_id": "vpc-b04e2bd4"
                        },
                        "meta": {},
                        "tainted": false
                    },
                    "deposed": [],
                    "provider": ""
                },
                "aws_subnet.private.2": {
                    "type": "aws_subnet",
                    "depends_on": [
                        "aws_vpc.main"
                    ],
                    "primary": {
                        "id": "subnet-4a718912",
                        "attributes": {
                            "assign_ipv6_address_on_creation": "false",
                            "availability_zone": "us-west-2c",
                            "cidr_block": "10.127.36.224/28",
                            "id": "subnet-4a718912",
                            "map_public_ip_on_launch": "false",
                            "tags.%": "5",
                            "tags.Name": "infra-prod-private-subnet",
                            "tags.account_name": "jive-microservices-prod",
                            "tags.pipeline_phase": "infra-prod",
                            "tags.region": "us-west-2",
                            "tags.sla": "prod",
                            "vpc_id": "vpc-b04e2bd4"
                        },
                        "meta": {},
                        "tainted": false
                    },
                    "deposed": [],
                    "provider": ""
                },
                "aws_subnet.public.0": {
                    "type": "aws_subnet",
                    "depends_on": [
                        "aws_vpc.main"
                    ],
                    "primary": {
                        "id": "subnet-244ff852",
                        "attributes": {
                            "assign_ipv6_address_on_creation": "false",
                            "availability_zone": "us-west-2a",
                            "cidr_block": "10.127.36.96/27",
                            "id": "subnet-244ff852",
                            "map_public_ip_on_launch": "false",
                            "tags.%": "5",
                            "tags.Name": "infra-prod-public-subnet",
                            "tags.account_name": "jive-microservices-prod",
                            "tags.pipeline_phase": "infra-prod",
                            "tags.region": "us-west-2",
                            "tags.sla": "prod",
                            "vpc_id": "vpc-b04e2bd4"
                        },
                        "meta": {},
                        "tainted": false
                    },
                    "deposed": [],
                    "provider": ""
                },
                "aws_subnet.public.1": {
                    "type": "aws_subnet",
                    "depends_on": [
                        "aws_vpc.main"
                    ],
                    "primary": {
                        "id": "subnet-2b77eb4f",
                        "attributes": {
                            "assign_ipv6_address_on_creation": "false",
                            "availability_zone": "us-west-2b",
                            "cidr_block": "10.127.36.128/27",
                            "id": "subnet-2b77eb4f",
                            "map_public_ip_on_launch": "false",
                            "tags.%": "5",
                            "tags.Name": "infra-prod-public-subnet",
                            "tags.account_name": "jive-microservices-prod",
                            "tags.pipeline_phase": "infra-prod",
                            "tags.region": "us-west-2",
                            "tags.sla": "prod",
                            "vpc_id": "vpc-b04e2bd4"
                        },
                        "meta": {},
                        "tainted": false
                    },
                    "deposed": [],
                    "provider": ""
                },
                "aws_subnet.public.2": {
                    "type": "aws_subnet",
                    "depends_on": [
                        "aws_vpc.main"
                    ],
                    "primary": {
                        "id": "subnet-4d718915",
                        "attributes": {
                            "assign_ipv6_address_on_creation": "false",
                            "availability_zone": "us-west-2c",
                            "cidr_block": "10.127.36.160/27",
                            "id": "subnet-4d718915",
                            "map_public_ip_on_launch": "false",
                            "tags.%": "5",
                            "tags.Name": "infra-prod-public-subnet",
                            "tags.account_name": "jive-microservices-prod",
                            "tags.pipeline_phase": "infra-prod",
                            "tags.region": "us-west-2",
                            "tags.sla": "prod",
                            "vpc_id": "vpc-b04e2bd4"
                        },
                        "meta": {},
                        "tainted": false
                    },
                    "deposed": [],
                    "provider": ""
                },
                "aws_vpc.main": {
                    "type": "aws_vpc",
                    "depends_on": [],
                    "primary": {
                        "id": "vpc-b04e2bd4",
                        "attributes": {
                            "assign_generated_ipv6_cidr_block": "false",
                            "cidr_block": "10.127.36.0/24",
                            "default_network_acl_id": "acl-20027144",
                            "default_route_table_id": "rtb-3583c851",
                            "default_security_group_id": "sg-1e329b78",
                            "dhcp_options_id": "dopt-bdb2d4d8",
                            "enable_classiclink": "false",
                            "enable_dns_hostnames": "true",
                            "enable_dns_support": "true",
                            "id": "vpc-b04e2bd4",
                            "instance_tenancy": "default",
                            "main_route_table_id": "rtb-3583c851",
                            "tags.%": "5",
                            "tags.Name": "infra-prod-vpc",
                            "tags.account_name": "jive-microservices-prod",
                            "tags.pipeline_phase": "infra-prod",
                            "tags.region": "us-west-2",
                            "tags.sla": "prod"
                        },
                        "meta": {
                            "schema_version": "1"
                        },
                        "tainted": false
                    },
                    "deposed": [],
                    "provider": ""
                },
                "aws_vpn_gateway.vgw": {
                    "type": "aws_vpn_gateway",
                    "depends_on": [
                        "aws_vpc.main"
                    ],
                    "primary": {
                        "id": "vgw-86f52c98",
                        "attributes": {
                            "availability_zone": "",
                            "id": "vgw-86f52c98",
                            "tags.%": "7",
                            "tags.Name": "infra-prod-vgw",
                            "tags.account_name": "jive-microservices-prod",
                            "tags.jive_service": "infrastructure",
                            "tags.pipeline_phase": "infra-prod",
                            "tags.region": "us-west-2",
                            "tags.service_component": "vpn_gateway",
                            "tags.sla": "prod",
                            "vpc_id": "vpc-b04e2bd4"
                        },
                        "meta": {},
                        "tainted": false
                    },
                    "deposed": [],
                    "provider": ""
                },
                "data.template_file.bastion_user_data": {
                    "type": "template_file",
                    "depends_on": [
                        "aws_network_interface.bastion"
                    ],
                    "primary": {
                        "id": "a52c6a37f17185f34a983e9ad797359da0f8fcc8c7767b8f380508958c15aab2",
                        "attributes": {
                            "id": "a52c6a37f17185f34a983e9ad797359da0f8fcc8c7767b8f380508958c15aab2",
                            "rendered": "#!/bin/bash\n\ndeclare -r instance_id=$(curl -s http://169.254.169.254/latest/meta-data/instance-id)\ndeclare -r bi=10.127.36.7\ndeclare -r bastion_gw=\"${bi%.*}.1\"\n\nfunction_prep() {\n    # Get pip for awscli\n    yum install -y epel-release\n    yum install -y python-pip\n    pip install awscli\n}\n\nfunction_eni() {\n    # Attached the ENI to the Bastion instance\n    /usr/bin/aws ec2 attach-network-interface   --region us-west-2 \\\n                                                --network-interface-id eni-7ac21136 \\\n                                                --instance-id $instance_id \\\n                                                --device-index 1\n\n    # Give the ENI some time to get an IP and attach correctly\n    sleep 30\n}\n\nfunction_network() {\n    # Make eth1 the default route, set eth0 off, and set eth1 on, then restart the network\n    cat \u003c\u003cEOF \u003e /etc/sysconfig/network\nNETWORKING=yes\nNOZEROCONF=yes\nGATEWAY=$bastion_gw\nGATEWAYDEV=eth1\nEOF\n\n    cat \u003c\u003cEOF \u003e /etc/sysconfig/network-scripts/ifcfg-eth0\nDEVICE=\"eth0\"\nONBOOT=\"no\"\nEOF\n\n    cat \u003c\u003cEOF \u003e /etc/sysconfig/network-scripts/ifcfg-eth1\nDEVICE=eth1\nBOOTPROTO=static\nDHCPCLASS=\nIPADDR=10.127.36.7\nNETMASK=255.255.255.224\nONBOOT=yes\nEOF\n\n    systemctl restart network\n}\n\nfunction_nexus() {\n    # URL redirect fails without this entry\n    echo \"10.10.100.155 nexus-int.eng.jiveland.com\" \u003e\u003e /etc/hosts\n\n    # Script to download Ansible artifact from Nexus\n    cat \u003c\u003c'EOF' \u003e /tmp/get_nexus_artifact.sh\n#!/bin/bash\n# Argument = -h -v -i groupId:artifactId:version -c classifier -p packaging -r repository\n\n# Define Nexus Configuration\nNEXUS_BASE=nexus-int.eng.jiveland.com\nREST_PATH=/service/local\nART_REDIR=/artifact/maven/redirect\n\n# Read in Complete Set of Coordinates from the Command Line\nGROUP_ID=\nARTIFACT_ID=\nVERSION=\"LATEST\"\nCLASSIFIER=\"\"\nPACKAGING=tar.gz\nREPO=\"candidates\"\nVERBOSE=0\n\nwhile getopts \"hvi:c:p:\" OPTION\ndo\n     case $OPTION in\n         h)\n             usage\n             exit 1\n             ;;\n         i)\n\t     OIFS=$IFS\n             IFS=\":\"\n\t     GAV_COORD=( $OPTARG )\n\t     GROUP_ID=${GAV_COORD[0]}\n             ARTIFACT_ID=${GAV_COORD[1]}\n             VERSION=${GAV_COORD[2]}\n\t     IFS=$OIFS\n             ;;\n         c)\n             CLASSIFIER=$OPTARG\n             ;;\n         p)\n             PACKAGING=$OPTARG\n             ;;\n         v)\n             VERBOSE=1\n             ;;\n         ?)\n             usage\n             exit\n             ;;\n     esac\ndone\n\nif [[ -z $GROUP_ID ]] || [[ -z $ARTIFACT_ID ]] || [[ -z $VERSION ]]\nthen\n     echo \"BAD ARGUMENTS: Either groupId, artifactId, or version was not supplied\" \u003e\u00262\n     usage\n     exit 1\nfi\n\n# Construct the base URL\nREDIRECT_URL=${NEXUS_BASE}${REST_PATH}${ART_REDIR}\n\n# Generate the list of parameters\nPARAM_KEYS=( g a v r p c )\nPARAM_VALUES=( $GROUP_ID $ARTIFACT_ID $VERSION $REPO $PACKAGING $CLASSIFIER )\nPARAMS=\"\"\nfor index in ${!PARAM_KEYS[*]}\ndo\n  if [[ ${PARAM_VALUES[$index]} != \"\" ]]\n  then\n    PARAMS=\"${PARAMS}${PARAM_KEYS[$index]}=${PARAM_VALUES[$index]}\u0026\"\n  fi\ndone\n\nREDIRECT_URL=\"${REDIRECT_URL}?${PARAMS}\"\n\necho \"Fetching Artifact from $REDIRECT_URL...\" \u003e\u00262\ncurl -sS -L ${REDIRECT_URL}\nEOF\n    # Run script to download latest Ansible artifact and unpack\n    chmod +x /tmp/get_nexus_artifact.sh\n    /tmp/get_nexus_artifact.sh -i com.jivesoftware.techops:ansible-common:LATEST \u003e /tmp/ansible-common.tar.gz\n}\n\nfunction_ansible() {\n    # Need Sudo TTY\n    sed -i s/'Defaults    requiretty'/'#Defaults    requiretty'/ /etc/sudoers\n    # Disable SELINUX for SSSD\n    sed -i 's/^SELINUX=.*/SELINUX=disabled/' /etc/selinux/config\n    # Create Ansible working directories\n    mkdir -p /tmp/ansible-common\n    tar xf /tmp/ansible-common.tar.gz -C /tmp/ansible-common/\n    # Set Python to 2.6 and run Ansible locally\n    alternatives --set python /usr/bin/python2.6\n    yum install -y python-boto ansible\n\n    # Run Ansible\n    /tmp/ansible-common/bin/run_ansible.sh /tmp/ansible-common/playbook-bastion.yml -e region=us-west-2 --connection=local -i /tmp/ansible-common/inventory_ec2/ \u003e\u003e /tmp/ansible-common/ansible_debug.log\n\n    # Change permissions on Ansible artifact so that ansible deploy pipeline\n    # can overwrite them in the future\n    chown -R ansible:service-users /tmp/ansible-common /tmp/ansible-common.tar.gz\n}\n\nfunction_restart() {\n    # Need to restart for SELINUX change.\n    shutdown -r now\n}\n\n# Run the things\nfunction_prep\nfunction_eni\nfunction_network\nfunction_nexus\nfunction_ansible\nfunction_restart\n",
                            "template": "#!/bin/bash\n\ndeclare -r instance_id=$(curl -s http://169.254.169.254/latest/meta-data/instance-id)\ndeclare -r bi=${bastion_ip}\ndeclare -r bastion_gw=\"$${bi%.*}.1\"\n\nfunction_prep() {\n    # Get pip for awscli\n    yum install -y epel-release\n    yum install -y python-pip\n    pip install awscli\n}\n\nfunction_eni() {\n    # Attached the ENI to the Bastion instance\n    /usr/bin/aws ec2 attach-network-interface   --region ${region} \\\n                                                --network-interface-id ${eni} \\\n                                                --instance-id $instance_id \\\n                                                --device-index 1\n\n    # Give the ENI some time to get an IP and attach correctly\n    sleep 30\n}\n\nfunction_network() {\n    # Make eth1 the default route, set eth0 off, and set eth1 on, then restart the network\n    cat \u003c\u003cEOF \u003e /etc/sysconfig/network\nNETWORKING=yes\nNOZEROCONF=yes\nGATEWAY=$bastion_gw\nGATEWAYDEV=eth1\nEOF\n\n    cat \u003c\u003cEOF \u003e /etc/sysconfig/network-scripts/ifcfg-eth0\nDEVICE=\"eth0\"\nONBOOT=\"no\"\nEOF\n\n    cat \u003c\u003cEOF \u003e /etc/sysconfig/network-scripts/ifcfg-eth1\nDEVICE=eth1\nBOOTPROTO=static\nDHCPCLASS=\nIPADDR=${bastion_ip}\nNETMASK=255.255.255.224\nONBOOT=yes\nEOF\n\n    systemctl restart network\n}\n\nfunction_nexus() {\n    # URL redirect fails without this entry\n    echo \"10.10.100.155 nexus-int.eng.jiveland.com\" \u003e\u003e /etc/hosts\n\n    # Script to download Ansible artifact from Nexus\n    cat \u003c\u003c'EOF' \u003e /tmp/get_nexus_artifact.sh\n#!/bin/bash\n# Argument = -h -v -i groupId:artifactId:version -c classifier -p packaging -r repository\n\n# Define Nexus Configuration\nNEXUS_BASE=nexus-int.eng.jiveland.com\nREST_PATH=/service/local\nART_REDIR=/artifact/maven/redirect\n\n# Read in Complete Set of Coordinates from the Command Line\nGROUP_ID=\nARTIFACT_ID=\nVERSION=\"LATEST\"\nCLASSIFIER=\"\"\nPACKAGING=tar.gz\nREPO=\"candidates\"\nVERBOSE=0\n\nwhile getopts \"hvi:c:p:\" OPTION\ndo\n     case $OPTION in\n         h)\n             usage\n             exit 1\n             ;;\n         i)\n\t     OIFS=$IFS\n             IFS=\":\"\n\t     GAV_COORD=( $OPTARG )\n\t     GROUP_ID=$${GAV_COORD[0]}\n             ARTIFACT_ID=$${GAV_COORD[1]}\n             VERSION=$${GAV_COORD[2]}\n\t     IFS=$OIFS\n             ;;\n         c)\n             CLASSIFIER=$OPTARG\n             ;;\n         p)\n             PACKAGING=$OPTARG\n             ;;\n         v)\n             VERBOSE=1\n             ;;\n         ?)\n             usage\n             exit\n             ;;\n     esac\ndone\n\nif [[ -z $GROUP_ID ]] || [[ -z $ARTIFACT_ID ]] || [[ -z $VERSION ]]\nthen\n     echo \"BAD ARGUMENTS: Either groupId, artifactId, or version was not supplied\" \u003e\u00262\n     usage\n     exit 1\nfi\n\n# Construct the base URL\nREDIRECT_URL=$${NEXUS_BASE}$${REST_PATH}$${ART_REDIR}\n\n# Generate the list of parameters\nPARAM_KEYS=( g a v r p c )\nPARAM_VALUES=( $GROUP_ID $ARTIFACT_ID $VERSION $REPO $PACKAGING $CLASSIFIER )\nPARAMS=\"\"\nfor index in $${!PARAM_KEYS[*]}\ndo\n  if [[ $${PARAM_VALUES[$index]} != \"\" ]]\n  then\n    PARAMS=\"$${PARAMS}$${PARAM_KEYS[$index]}=$${PARAM_VALUES[$index]}\u0026\"\n  fi\ndone\n\nREDIRECT_URL=\"$${REDIRECT_URL}?$${PARAMS}\"\n\necho \"Fetching Artifact from $REDIRECT_URL...\" \u003e\u00262\ncurl -sS -L $${REDIRECT_URL}\nEOF\n    # Run script to download latest Ansible artifact and unpack\n    chmod +x /tmp/get_nexus_artifact.sh\n    /tmp/get_nexus_artifact.sh -i com.jivesoftware.techops:ansible-common:LATEST \u003e /tmp/ansible-common.tar.gz\n}\n\nfunction_ansible() {\n    # Need Sudo TTY\n    sed -i s/'Defaults    requiretty'/'#Defaults    requiretty'/ /etc/sudoers\n    # Disable SELINUX for SSSD\n    sed -i 's/^SELINUX=.*/SELINUX=disabled/' /etc/selinux/config\n    # Create Ansible working directories\n    mkdir -p /tmp/ansible-common\n    tar xf /tmp/ansible-common.tar.gz -C /tmp/ansible-common/\n    # Set Python to 2.6 and run Ansible locally\n    alternatives --set python /usr/bin/python2.6\n    yum install -y python-boto ansible\n\n    # Run Ansible\n    /tmp/ansible-common/bin/run_ansible.sh /tmp/ansible-common/playbook-bastion.yml -e region=${region} --connection=local -i /tmp/ansible-common/inventory_ec2/ \u003e\u003e /tmp/ansible-common/ansible_debug.log\n\n    # Change permissions on Ansible artifact so that ansible deploy pipeline\n    # can overwrite them in the future\n    chown -R ansible:service-users /tmp/ansible-common /tmp/ansible-common.tar.gz\n}\n\nfunction_restart() {\n    # Need to restart for SELINUX change.\n    shutdown -r now\n}\n\n# Run the things\nfunction_prep\nfunction_eni\nfunction_network\nfunction_nexus\nfunction_ansible\nfunction_restart\n",
                            "vars.%": "5",
                            "vars.account_name": "jive-microservices-prod",
                            "vars.bastion_ip": "10.127.36.7",
                            "vars.eni": "eni-7ac21136",
                            "vars.pipeline_phase": "infra-prod",
                            "vars.region": "us-west-2"
                        },
                        "meta": {},
                        "tainted": false
                    },
                    "deposed": [],
                    "provider": ""
                }
            },
            "depends_on": []
        }
    ]
}
