{
    "version": 3,
    "terraform_version": "0.9.2",
    "serial": 8,
    "lineage": "77745c07-e004-423f-95b0-3840946efb64",
    "modules": [
        {
            "path": [
                "root"
            ],
            "outputs": {},
            "resources": {
                "aws_eip.natgw.0": {
                    "type": "aws_eip",
                    "depends_on": [],
                    "primary": {
                        "id": "eipalloc-4dcc8424",
                        "attributes": {
                            "association_id": "eipassoc-b2c1a3d9",
                            "domain": "vpc",
                            "id": "eipalloc-4dcc8424",
                            "instance": "",
                            "network_interface": "eni-4bf35324",
                            "private_ip": "10.114.103.12",
                            "public_ip": "52.29.69.236",
                            "vpc": "true"
                        },
                        "meta": {},
                        "tainted": false
                    },
                    "deposed": [],
                    "provider": ""
                },
                "aws_eip.natgw.1": {
                    "type": "aws_eip",
                    "depends_on": [],
                    "primary": {
                        "id": "eipalloc-86cc84ef",
                        "attributes": {
                            "association_id": "eipassoc-bfc0a2d4",
                            "domain": "vpc",
                            "id": "eipalloc-86cc84ef",
                            "instance": "",
                            "network_interface": "eni-d98aaba7",
                            "private_ip": "10.114.103.46",
                            "public_ip": "52.57.144.250",
                            "vpc": "true"
                        },
                        "meta": {},
                        "tainted": false
                    },
                    "deposed": [],
                    "provider": ""
                },
                "aws_internet_gateway.igw": {
                    "type": "aws_internet_gateway",
                    "depends_on": [
                        "aws_vpc.main"
                    ],
                    "primary": {
                        "id": "igw-1a002773",
                        "attributes": {
                            "id": "igw-1a002773",
                            "tags.%": "5",
                            "tags.Name": "test-igw",
                            "tags.account_name": "jive-data-pipeline",
                            "tags.pipeline_phase": "test",
                            "tags.region": "eu-central-1",
                            "tags.sla": "non-prod",
                            "vpc_id": "vpc-d12af5b9"
                        },
                        "meta": {},
                        "tainted": false
                    },
                    "deposed": [],
                    "provider": ""
                },
                "aws_nat_gateway.natgw.0": {
                    "type": "aws_nat_gateway",
                    "depends_on": [
                        "aws_eip.natgw.*",
                        "aws_internet_gateway.igw",
                        "aws_subnet.public.*"
                    ],
                    "primary": {
                        "id": "nat-02eb72e3753cddfbb",
                        "attributes": {
                            "allocation_id": "eipalloc-4dcc8424",
                            "id": "nat-02eb72e3753cddfbb",
                            "network_interface_id": "eni-4bf35324",
                            "private_ip": "10.114.103.12",
                            "public_ip": "52.29.69.236",
                            "subnet_id": "subnet-a4dd42cc"
                        },
                        "meta": {},
                        "tainted": false
                    },
                    "deposed": [],
                    "provider": ""
                },
                "aws_nat_gateway.natgw.1": {
                    "type": "aws_nat_gateway",
                    "depends_on": [
                        "aws_eip.natgw.*",
                        "aws_internet_gateway.igw",
                        "aws_subnet.public.*"
                    ],
                    "primary": {
                        "id": "nat-09afd750be21e2a35",
                        "attributes": {
                            "allocation_id": "eipalloc-86cc84ef",
                            "id": "nat-09afd750be21e2a35",
                            "network_interface_id": "eni-d98aaba7",
                            "private_ip": "10.114.103.46",
                            "public_ip": "52.57.144.250",
                            "subnet_id": "subnet-c12f8ebb"
                        },
                        "meta": {},
                        "tainted": false
                    },
                    "deposed": [],
                    "provider": ""
                },
                "aws_route.bastion_natdc.0": {
                    "type": "aws_route",
                    "depends_on": [
                        "aws_route_table.natdc.*",
                        "aws_vpc_peering_connection.infra"
                    ],
                    "primary": {
                        "id": "r-rtb-08a224603325263991",
                        "attributes": {
                            "destination_cidr_block": "10.127.69.7/32",
                            "destination_prefix_list_id": "",
                            "egress_only_gateway_id": "",
                            "gateway_id": "",
                            "id": "r-rtb-08a224603325263991",
                            "instance_id": "",
                            "instance_owner_id": "",
                            "nat_gateway_id": "",
                            "network_interface_id": "",
                            "origin": "CreateRoute",
                            "route_table_id": "rtb-08a22460",
                            "state": "active",
                            "vpc_peering_connection_id": "pcx-05b9616c"
                        },
                        "meta": {},
                        "tainted": false
                    },
                    "deposed": [],
                    "provider": ""
                },
                "aws_route.bastion_natdc.1": {
                    "type": "aws_route",
                    "depends_on": [
                        "aws_route_table.natdc.*",
                        "aws_vpc_peering_connection.infra"
                    ],
                    "primary": {
                        "id": "r-rtb-10e4a3783325263991",
                        "attributes": {
                            "destination_cidr_block": "10.127.69.7/32",
                            "destination_prefix_list_id": "",
                            "egress_only_gateway_id": "",
                            "gateway_id": "",
                            "id": "r-rtb-10e4a3783325263991",
                            "instance_id": "",
                            "instance_owner_id": "",
                            "nat_gateway_id": "",
                            "network_interface_id": "",
                            "origin": "CreateRoute",
                            "route_table_id": "rtb-10e4a378",
                            "state": "active",
                            "vpc_peering_connection_id": "pcx-05b9616c"
                        },
                        "meta": {},
                        "tainted": false
                    },
                    "deposed": [],
                    "provider": ""
                },
                "aws_route.bastion_private": {
                    "type": "aws_route",
                    "depends_on": [
                        "aws_route_table.private",
                        "aws_vpc_peering_connection.infra"
                    ],
                    "primary": {
                        "id": "r-rtb-41a224293325263991",
                        "attributes": {
                            "destination_cidr_block": "10.127.69.7/32",
                            "destination_prefix_list_id": "",
                            "egress_only_gateway_id": "",
                            "gateway_id": "",
                            "id": "r-rtb-41a224293325263991",
                            "instance_id": "",
                            "instance_owner_id": "",
                            "nat_gateway_id": "",
                            "network_interface_id": "",
                            "origin": "CreateRoute",
                            "route_table_id": "rtb-41a22429",
                            "state": "active",
                            "vpc_peering_connection_id": "pcx-05b9616c"
                        },
                        "meta": {},
                        "tainted": false
                    },
                    "deposed": [],
                    "provider": ""
                },
                "aws_route.bastion_public": {
                    "type": "aws_route",
                    "depends_on": [
                        "aws_route_table.public",
                        "aws_vpc_peering_connection.infra"
                    ],
                    "primary": {
                        "id": "r-rtb-46a2242e3325263991",
                        "attributes": {
                            "destination_cidr_block": "10.127.69.7/32",
                            "destination_prefix_list_id": "",
                            "egress_only_gateway_id": "",
                            "gateway_id": "",
                            "id": "r-rtb-46a2242e3325263991",
                            "instance_id": "",
                            "instance_owner_id": "",
                            "nat_gateway_id": "",
                            "network_interface_id": "",
                            "origin": "CreateRoute",
                            "route_table_id": "rtb-46a2242e",
                            "state": "active",
                            "vpc_peering_connection_id": "pcx-05b9616c"
                        },
                        "meta": {},
                        "tainted": false
                    },
                    "deposed": [],
                    "provider": ""
                },
                "aws_route.data_reco_test_vpc_natdc.0": {
                    "type": "aws_route",
                    "depends_on": [
                        "aws_route_table.natdc.*",
                        "aws_vpc_peering_connection.data_reco_test"
                    ],
                    "primary": {
                        "id": "r-rtb-08a224602445349625",
                        "attributes": {
                            "destination_cidr_block": "10.114.244.0/22",
                            "destination_prefix_list_id": "",
                            "egress_only_gateway_id": "",
                            "gateway_id": "",
                            "id": "r-rtb-08a224602445349625",
                            "instance_id": "",
                            "instance_owner_id": "",
                            "nat_gateway_id": "",
                            "network_interface_id": "",
                            "origin": "CreateRoute",
                            "route_table_id": "rtb-08a22460",
                            "state": "active",
                            "vpc_peering_connection_id": "pcx-29a87040"
                        },
                        "meta": {},
                        "tainted": false
                    },
                    "deposed": [],
                    "provider": ""
                },
                "aws_route.data_reco_test_vpc_natdc.1": {
                    "type": "aws_route",
                    "depends_on": [
                        "aws_route_table.natdc.*",
                        "aws_vpc_peering_connection.data_reco_test"
                    ],
                    "primary": {
                        "id": "r-rtb-10e4a3782445349625",
                        "attributes": {
                            "destination_cidr_block": "10.114.244.0/22",
                            "destination_prefix_list_id": "",
                            "egress_only_gateway_id": "",
                            "gateway_id": "",
                            "id": "r-rtb-10e4a3782445349625",
                            "instance_id": "",
                            "instance_owner_id": "",
                            "nat_gateway_id": "",
                            "network_interface_id": "",
                            "origin": "CreateRoute",
                            "route_table_id": "rtb-10e4a378",
                            "state": "active",
                            "vpc_peering_connection_id": "pcx-29a87040"
                        },
                        "meta": {},
                        "tainted": false
                    },
                    "deposed": [],
                    "provider": ""
                },
                "aws_route.data_reco_test_vpc_private": {
                    "type": "aws_route",
                    "depends_on": [
                        "aws_route_table.private",
                        "aws_vpc_peering_connection.data_reco_test"
                    ],
                    "primary": {
                        "id": "r-rtb-41a224292445349625",
                        "attributes": {
                            "destination_cidr_block": "10.114.244.0/22",
                            "destination_prefix_list_id": "",
                            "egress_only_gateway_id": "",
                            "gateway_id": "",
                            "id": "r-rtb-41a224292445349625",
                            "instance_id": "",
                            "instance_owner_id": "",
                            "nat_gateway_id": "",
                            "network_interface_id": "",
                            "origin": "CreateRoute",
                            "route_table_id": "rtb-41a22429",
                            "state": "active",
                            "vpc_peering_connection_id": "pcx-29a87040"
                        },
                        "meta": {},
                        "tainted": false
                    },
                    "deposed": [],
                    "provider": ""
                },
                "aws_route.data_reco_test_vpc_public": {
                    "type": "aws_route",
                    "depends_on": [
                        "aws_route_table.public",
                        "aws_vpc_peering_connection.data_reco_test"
                    ],
                    "primary": {
                        "id": "r-rtb-46a2242e2445349625",
                        "attributes": {
                            "destination_cidr_block": "10.114.244.0/22",
                            "destination_prefix_list_id": "",
                            "egress_only_gateway_id": "",
                            "gateway_id": "",
                            "id": "r-rtb-46a2242e2445349625",
                            "instance_id": "",
                            "instance_owner_id": "",
                            "nat_gateway_id": "",
                            "network_interface_id": "",
                            "origin": "CreateRoute",
                            "route_table_id": "rtb-46a2242e",
                            "state": "active",
                            "vpc_peering_connection_id": "pcx-29a87040"
                        },
                        "meta": {},
                        "tainted": false
                    },
                    "deposed": [],
                    "provider": ""
                },
                "aws_route.infra_natdc.0": {
                    "type": "aws_route",
                    "depends_on": [
                        "aws_vpc_peering_connection.infra"
                    ],
                    "primary": {
                        "id": "r-rtb-71f573191888514847",
                        "attributes": {
                            "destination_cidr_block": "10.114.100.0/22",
                            "destination_prefix_list_id": "",
                            "egress_only_gateway_id": "",
                            "gateway_id": "",
                            "id": "r-rtb-71f573191888514847",
                            "instance_id": "",
                            "instance_owner_id": "",
                            "nat_gateway_id": "",
                            "network_interface_id": "",
                            "origin": "CreateRoute",
                            "route_table_id": "rtb-71f57319",
                            "state": "active",
                            "vpc_peering_connection_id": "pcx-05b9616c"
                        },
                        "meta": {},
                        "tainted": false
                    },
                    "deposed": [],
                    "provider": ""
                },
                "aws_route.infra_natdc.1": {
                    "type": "aws_route",
                    "depends_on": [
                        "aws_vpc_peering_connection.infra"
                    ],
                    "primary": {
                        "id": "r-rtb-db2661b31888514847",
                        "attributes": {
                            "destination_cidr_block": "10.114.100.0/22",
                            "destination_prefix_list_id": "",
                            "egress_only_gateway_id": "",
                            "gateway_id": "",
                            "id": "r-rtb-db2661b31888514847",
                            "instance_id": "",
                            "instance_owner_id": "",
                            "nat_gateway_id": "",
                            "network_interface_id": "",
                            "origin": "CreateRoute",
                            "route_table_id": "rtb-db2661b3",
                            "state": "active",
                            "vpc_peering_connection_id": "pcx-05b9616c"
                        },
                        "meta": {},
                        "tainted": false
                    },
                    "deposed": [],
                    "provider": ""
                },
                "aws_route.infra_private": {
                    "type": "aws_route",
                    "depends_on": [
                        "aws_vpc_peering_connection.infra"
                    ],
                    "primary": {
                        "id": "r-rtb-fbf472931888514847",
                        "attributes": {
                            "destination_cidr_block": "10.114.100.0/22",
                            "destination_prefix_list_id": "",
                            "egress_only_gateway_id": "",
                            "gateway_id": "",
                            "id": "r-rtb-fbf472931888514847",
                            "instance_id": "",
                            "instance_owner_id": "",
                            "nat_gateway_id": "",
                            "network_interface_id": "",
                            "origin": "CreateRoute",
                            "route_table_id": "rtb-fbf47293",
                            "state": "active",
                            "vpc_peering_connection_id": "pcx-05b9616c"
                        },
                        "meta": {},
                        "tainted": false
                    },
                    "deposed": [],
                    "provider": ""
                },
                "aws_route.infra_public": {
                    "type": "aws_route",
                    "depends_on": [
                        "aws_vpc_peering_connection.infra"
                    ],
                    "primary": {
                        "id": "r-rtb-fef472961888514847",
                        "attributes": {
                            "destination_cidr_block": "10.114.100.0/22",
                            "destination_prefix_list_id": "",
                            "egress_only_gateway_id": "",
                            "gateway_id": "",
                            "id": "r-rtb-fef472961888514847",
                            "instance_id": "",
                            "instance_owner_id": "",
                            "nat_gateway_id": "",
                            "network_interface_id": "",
                            "origin": "CreateRoute",
                            "route_table_id": "rtb-fef47296",
                            "state": "active",
                            "vpc_peering_connection_id": "pcx-05b9616c"
                        },
                        "meta": {},
                        "tainted": false
                    },
                    "deposed": [],
                    "provider": ""
                },
                "aws_route.microservices_jcx_natdc.0": {
                    "type": "aws_route",
                    "depends_on": [
                        "aws_route_table.natdc.*"
                    ],
                    "primary": {
                        "id": "r-rtb-08a224602017802059",
                        "attributes": {
                            "destination_cidr_block": "10.126.128.0/20",
                            "destination_prefix_list_id": "",
                            "egress_only_gateway_id": "",
                            "gateway_id": "",
                            "id": "r-rtb-08a224602017802059",
                            "instance_id": "",
                            "instance_owner_id": "",
                            "nat_gateway_id": "",
                            "network_interface_id": "",
                            "origin": "CreateRoute",
                            "route_table_id": "rtb-08a22460",
                            "state": "active",
                            "vpc_peering_connection_id": "pcx-39b46c50"
                        },
                        "meta": {},
                        "tainted": false
                    },
                    "deposed": [],
                    "provider": ""
                },
                "aws_route.microservices_jcx_natdc.1": {
                    "type": "aws_route",
                    "depends_on": [
                        "aws_route_table.natdc.*"
                    ],
                    "primary": {
                        "id": "r-rtb-10e4a3782017802059",
                        "attributes": {
                            "destination_cidr_block": "10.126.128.0/20",
                            "destination_prefix_list_id": "",
                            "egress_only_gateway_id": "",
                            "gateway_id": "",
                            "id": "r-rtb-10e4a3782017802059",
                            "instance_id": "",
                            "instance_owner_id": "",
                            "nat_gateway_id": "",
                            "network_interface_id": "",
                            "origin": "CreateRoute",
                            "route_table_id": "rtb-10e4a378",
                            "state": "active",
                            "vpc_peering_connection_id": "pcx-39b46c50"
                        },
                        "meta": {},
                        "tainted": false
                    },
                    "deposed": [],
                    "provider": ""
                },
                "aws_route.microservices_jcx_private": {
                    "type": "aws_route",
                    "depends_on": [
                        "aws_route_table.private"
                    ],
                    "primary": {
                        "id": "r-rtb-41a224292017802059",
                        "attributes": {
                            "destination_cidr_block": "10.126.128.0/20",
                            "destination_prefix_list_id": "",
                            "egress_only_gateway_id": "",
                            "gateway_id": "",
                            "id": "r-rtb-41a224292017802059",
                            "instance_id": "",
                            "instance_owner_id": "",
                            "nat_gateway_id": "",
                            "network_interface_id": "",
                            "origin": "CreateRoute",
                            "route_table_id": "rtb-41a22429",
                            "state": "active",
                            "vpc_peering_connection_id": "pcx-39b46c50"
                        },
                        "meta": {},
                        "tainted": false
                    },
                    "deposed": [],
                    "provider": ""
                },
                "aws_route.microservices_jcx_public": {
                    "type": "aws_route",
                    "depends_on": [
                        "aws_route_table.public"
                    ],
                    "primary": {
                        "id": "r-rtb-46a2242e2017802059",
                        "attributes": {
                            "destination_cidr_block": "10.126.128.0/20",
                            "destination_prefix_list_id": "",
                            "egress_only_gateway_id": "",
                            "gateway_id": "",
                            "id": "r-rtb-46a2242e2017802059",
                            "instance_id": "",
                            "instance_owner_id": "",
                            "nat_gateway_id": "",
                            "network_interface_id": "",
                            "origin": "CreateRoute",
                            "route_table_id": "rtb-46a2242e",
                            "state": "active",
                            "vpc_peering_connection_id": "pcx-39b46c50"
                        },
                        "meta": {},
                        "tainted": false
                    },
                    "deposed": [],
                    "provider": ""
                },
                "aws_route.microservices_natdc.0": {
                    "type": "aws_route",
                    "depends_on": [
                        "aws_route_table.natdc.*"
                    ],
                    "primary": {
                        "id": "r-rtb-08a224604047533110",
                        "attributes": {
                            "destination_cidr_block": "10.114.144.0/20",
                            "destination_prefix_list_id": "",
                            "egress_only_gateway_id": "",
                            "gateway_id": "",
                            "id": "r-rtb-08a224604047533110",
                            "instance_id": "",
                            "instance_owner_id": "",
                            "nat_gateway_id": "",
                            "network_interface_id": "",
                            "origin": "CreateRoute",
                            "route_table_id": "rtb-08a22460",
                            "state": "active",
                            "vpc_peering_connection_id": "pcx-57b46c3e"
                        },
                        "meta": {},
                        "tainted": false
                    },
                    "deposed": [],
                    "provider": ""
                },
                "aws_route.microservices_natdc.1": {
                    "type": "aws_route",
                    "depends_on": [
                        "aws_route_table.natdc.*"
                    ],
                    "primary": {
                        "id": "r-rtb-10e4a3784047533110",
                        "attributes": {
                            "destination_cidr_block": "10.114.144.0/20",
                            "destination_prefix_list_id": "",
                            "egress_only_gateway_id": "",
                            "gateway_id": "",
                            "id": "r-rtb-10e4a3784047533110",
                            "instance_id": "",
                            "instance_owner_id": "",
                            "nat_gateway_id": "",
                            "network_interface_id": "",
                            "origin": "CreateRoute",
                            "route_table_id": "rtb-10e4a378",
                            "state": "active",
                            "vpc_peering_connection_id": "pcx-57b46c3e"
                        },
                        "meta": {},
                        "tainted": false
                    },
                    "deposed": [],
                    "provider": ""
                },
                "aws_route.microservices_private": {
                    "type": "aws_route",
                    "depends_on": [
                        "aws_route_table.private"
                    ],
                    "primary": {
                        "id": "r-rtb-41a224294047533110",
                        "attributes": {
                            "destination_cidr_block": "10.114.144.0/20",
                            "destination_prefix_list_id": "",
                            "egress_only_gateway_id": "",
                            "gateway_id": "",
                            "id": "r-rtb-41a224294047533110",
                            "instance_id": "",
                            "instance_owner_id": "",
                            "nat_gateway_id": "",
                            "network_interface_id": "",
                            "origin": "CreateRoute",
                            "route_table_id": "rtb-41a22429",
                            "state": "active",
                            "vpc_peering_connection_id": "pcx-57b46c3e"
                        },
                        "meta": {},
                        "tainted": false
                    },
                    "deposed": [],
                    "provider": ""
                },
                "aws_route.microservices_public": {
                    "type": "aws_route",
                    "depends_on": [
                        "aws_route_table.public"
                    ],
                    "primary": {
                        "id": "r-rtb-46a2242e4047533110",
                        "attributes": {
                            "destination_cidr_block": "10.114.144.0/20",
                            "destination_prefix_list_id": "",
                            "egress_only_gateway_id": "",
                            "gateway_id": "",
                            "id": "r-rtb-46a2242e4047533110",
                            "instance_id": "",
                            "instance_owner_id": "",
                            "nat_gateway_id": "",
                            "network_interface_id": "",
                            "origin": "CreateRoute",
                            "route_table_id": "rtb-46a2242e",
                            "state": "active",
                            "vpc_peering_connection_id": "pcx-57b46c3e"
                        },
                        "meta": {},
                        "tainted": false
                    },
                    "deposed": [],
                    "provider": ""
                },
                "aws_route53_zone_association.route53": {
                    "type": "aws_route53_zone_association",
                    "depends_on": [
                        "aws_vpc.main"
                    ],
                    "primary": {
                        "id": "Z3AIHK7L8DPDVB:vpc-d12af5b9",
                        "attributes": {
                            "id": "Z3AIHK7L8DPDVB:vpc-d12af5b9",
                            "vpc_id": "vpc-d12af5b9",
                            "vpc_region": "eu-central-1",
                            "zone_id": "Z3AIHK7L8DPDVB"
                        },
                        "meta": {},
                        "tainted": false
                    },
                    "deposed": [],
                    "provider": ""
                },
                "aws_route_table.natdc.0": {
                    "type": "aws_route_table",
                    "depends_on": [
                        "aws_nat_gateway.natgw",
                        "aws_vpc.main",
                        "aws_vpn_gateway.vgw"
                    ],
                    "primary": {
                        "id": "rtb-08a22460",
                        "attributes": {
                            "id": "rtb-08a22460",
                            "propagating_vgws.#": "1",
                            "propagating_vgws.950755519": "vgw-714dc241",
                            "route.#": "5",
                            "route.1779076557.cidr_block": "10.126.128.0/20",
                            "route.1779076557.egress_only_gateway_id": "",
                            "route.1779076557.gateway_id": "",
                            "route.1779076557.instance_id": "",
                            "route.1779076557.ipv6_cidr_block": "",
                            "route.1779076557.nat_gateway_id": "",
                            "route.1779076557.network_interface_id": "",
                            "route.1779076557.vpc_peering_connection_id": "pcx-39b46c50",
                            "route.2316043826.cidr_block": "10.114.144.0/20",
                            "route.2316043826.egress_only_gateway_id": "",
                            "route.2316043826.gateway_id": "",
                            "route.2316043826.instance_id": "",
                            "route.2316043826.ipv6_cidr_block": "",
                            "route.2316043826.nat_gateway_id": "",
                            "route.2316043826.network_interface_id": "",
                            "route.2316043826.vpc_peering_connection_id": "pcx-57b46c3e",
                            "route.3542631005.cidr_block": "10.114.244.0/22",
                            "route.3542631005.egress_only_gateway_id": "",
                            "route.3542631005.gateway_id": "",
                            "route.3542631005.instance_id": "",
                            "route.3542631005.ipv6_cidr_block": "",
                            "route.3542631005.nat_gateway_id": "",
                            "route.3542631005.network_interface_id": "",
                            "route.3542631005.vpc_peering_connection_id": "pcx-29a87040",
                            "route.3933351410.cidr_block": "0.0.0.0/0",
                            "route.3933351410.egress_only_gateway_id": "",
                            "route.3933351410.gateway_id": "",
                            "route.3933351410.instance_id": "",
                            "route.3933351410.ipv6_cidr_block": "",
                            "route.3933351410.nat_gateway_id": "nat-02eb72e3753cddfbb",
                            "route.3933351410.network_interface_id": "",
                            "route.3933351410.vpc_peering_connection_id": "",
                            "route.4240432351.cidr_block": "10.127.69.7/32",
                            "route.4240432351.egress_only_gateway_id": "",
                            "route.4240432351.gateway_id": "",
                            "route.4240432351.instance_id": "",
                            "route.4240432351.ipv6_cidr_block": "",
                            "route.4240432351.nat_gateway_id": "",
                            "route.4240432351.network_interface_id": "",
                            "route.4240432351.vpc_peering_connection_id": "pcx-05b9616c",
                            "tags.%": "5",
                            "tags.Name": "test-natdc-routetable",
                            "tags.account_name": "jive-data-pipeline",
                            "tags.pipeline_phase": "test",
                            "tags.region": "eu-central-1",
                            "tags.sla": "non-prod",
                            "vpc_id": "vpc-d12af5b9"
                        },
                        "meta": {},
                        "tainted": false
                    },
                    "deposed": [],
                    "provider": ""
                },
                "aws_route_table.natdc.1": {
                    "type": "aws_route_table",
                    "depends_on": [
                        "aws_nat_gateway.natgw.*",
                        "aws_vpc.main",
                        "aws_vpn_gateway.vgw"
                    ],
                    "primary": {
                        "id": "rtb-10e4a378",
                        "attributes": {
                            "id": "rtb-10e4a378",
                            "propagating_vgws.#": "1",
                            "propagating_vgws.950755519": "vgw-714dc241",
                            "route.#": "5",
                            "route.1779076557.cidr_block": "10.126.128.0/20",
                            "route.1779076557.egress_only_gateway_id": "",
                            "route.1779076557.gateway_id": "",
                            "route.1779076557.instance_id": "",
                            "route.1779076557.ipv6_cidr_block": "",
                            "route.1779076557.nat_gateway_id": "",
                            "route.1779076557.network_interface_id": "",
                            "route.1779076557.vpc_peering_connection_id": "pcx-39b46c50",
                            "route.2316043826.cidr_block": "10.114.144.0/20",
                            "route.2316043826.egress_only_gateway_id": "",
                            "route.2316043826.gateway_id": "",
                            "route.2316043826.instance_id": "",
                            "route.2316043826.ipv6_cidr_block": "",
                            "route.2316043826.nat_gateway_id": "",
                            "route.2316043826.network_interface_id": "",
                            "route.2316043826.vpc_peering_connection_id": "pcx-57b46c3e",
                            "route.3542631005.cidr_block": "10.114.244.0/22",
                            "route.3542631005.egress_only_gateway_id": "",
                            "route.3542631005.gateway_id": "",
                            "route.3542631005.instance_id": "",
                            "route.3542631005.ipv6_cidr_block": "",
                            "route.3542631005.nat_gateway_id": "",
                            "route.3542631005.network_interface_id": "",
                            "route.3542631005.vpc_peering_connection_id": "pcx-29a87040",
                            "route.3723619428.cidr_block": "0.0.0.0/0",
                            "route.3723619428.egress_only_gateway_id": "",
                            "route.3723619428.gateway_id": "",
                            "route.3723619428.instance_id": "",
                            "route.3723619428.ipv6_cidr_block": "",
                            "route.3723619428.nat_gateway_id": "nat-09afd750be21e2a35",
                            "route.3723619428.network_interface_id": "",
                            "route.3723619428.vpc_peering_connection_id": "",
                            "route.4240432351.cidr_block": "10.127.69.7/32",
                            "route.4240432351.egress_only_gateway_id": "",
                            "route.4240432351.gateway_id": "",
                            "route.4240432351.instance_id": "",
                            "route.4240432351.ipv6_cidr_block": "",
                            "route.4240432351.nat_gateway_id": "",
                            "route.4240432351.network_interface_id": "",
                            "route.4240432351.vpc_peering_connection_id": "pcx-05b9616c",
                            "tags.%": "5",
                            "tags.Name": "test-natdc-routetable",
                            "tags.account_name": "jive-data-pipeline",
                            "tags.pipeline_phase": "test",
                            "tags.region": "eu-central-1",
                            "tags.sla": "non-prod",
                            "vpc_id": "vpc-d12af5b9"
                        },
                        "meta": {},
                        "tainted": false
                    },
                    "deposed": [],
                    "provider": ""
                },
                "aws_route_table.private": {
                    "type": "aws_route_table",
                    "depends_on": [
                        "aws_vpc.main"
                    ],
                    "primary": {
                        "id": "rtb-41a22429",
                        "attributes": {
                            "id": "rtb-41a22429",
                            "propagating_vgws.#": "0",
                            "route.#": "4",
                            "route.1779076557.cidr_block": "10.126.128.0/20",
                            "route.1779076557.egress_only_gateway_id": "",
                            "route.1779076557.gateway_id": "",
                            "route.1779076557.instance_id": "",
                            "route.1779076557.ipv6_cidr_block": "",
                            "route.1779076557.nat_gateway_id": "",
                            "route.1779076557.network_interface_id": "",
                            "route.1779076557.vpc_peering_connection_id": "pcx-39b46c50",
                            "route.2316043826.cidr_block": "10.114.144.0/20",
                            "route.2316043826.egress_only_gateway_id": "",
                            "route.2316043826.gateway_id": "",
                            "route.2316043826.instance_id": "",
                            "route.2316043826.ipv6_cidr_block": "",
                            "route.2316043826.nat_gateway_id": "",
                            "route.2316043826.network_interface_id": "",
                            "route.2316043826.vpc_peering_connection_id": "pcx-57b46c3e",
                            "route.3542631005.cidr_block": "10.114.244.0/22",
                            "route.3542631005.egress_only_gateway_id": "",
                            "route.3542631005.gateway_id": "",
                            "route.3542631005.instance_id": "",
                            "route.3542631005.ipv6_cidr_block": "",
                            "route.3542631005.nat_gateway_id": "",
                            "route.3542631005.network_interface_id": "",
                            "route.3542631005.vpc_peering_connection_id": "pcx-29a87040",
                            "route.4240432351.cidr_block": "10.127.69.7/32",
                            "route.4240432351.egress_only_gateway_id": "",
                            "route.4240432351.gateway_id": "",
                            "route.4240432351.instance_id": "",
                            "route.4240432351.ipv6_cidr_block": "",
                            "route.4240432351.nat_gateway_id": "",
                            "route.4240432351.network_interface_id": "",
                            "route.4240432351.vpc_peering_connection_id": "pcx-05b9616c",
                            "tags.%": "5",
                            "tags.Name": "test-private-routetable",
                            "tags.account_name": "jive-data-pipeline",
                            "tags.pipeline_phase": "test",
                            "tags.region": "eu-central-1",
                            "tags.sla": "non-prod",
                            "vpc_id": "vpc-d12af5b9"
                        },
                        "meta": {},
                        "tainted": false
                    },
                    "deposed": [],
                    "provider": ""
                },
                "aws_route_table.public": {
                    "type": "aws_route_table",
                    "depends_on": [
                        "aws_internet_gateway.igw",
                        "aws_vpc.main"
                    ],
                    "primary": {
                        "id": "rtb-46a2242e",
                        "attributes": {
                            "id": "rtb-46a2242e",
                            "propagating_vgws.#": "0",
                            "route.#": "5",
                            "route.1779076557.cidr_block": "10.126.128.0/20",
                            "route.1779076557.egress_only_gateway_id": "",
                            "route.1779076557.gateway_id": "",
                            "route.1779076557.instance_id": "",
                            "route.1779076557.ipv6_cidr_block": "",
                            "route.1779076557.nat_gateway_id": "",
                            "route.1779076557.network_interface_id": "",
                            "route.1779076557.vpc_peering_connection_id": "pcx-39b46c50",
                            "route.1933305214.cidr_block": "0.0.0.0/0",
                            "route.1933305214.egress_only_gateway_id": "",
                            "route.1933305214.gateway_id": "igw-1a002773",
                            "route.1933305214.instance_id": "",
                            "route.1933305214.ipv6_cidr_block": "",
                            "route.1933305214.nat_gateway_id": "",
                            "route.1933305214.network_interface_id": "",
                            "route.1933305214.vpc_peering_connection_id": "",
                            "route.2316043826.cidr_block": "10.114.144.0/20",
                            "route.2316043826.egress_only_gateway_id": "",
                            "route.2316043826.gateway_id": "",
                            "route.2316043826.instance_id": "",
                            "route.2316043826.ipv6_cidr_block": "",
                            "route.2316043826.nat_gateway_id": "",
                            "route.2316043826.network_interface_id": "",
                            "route.2316043826.vpc_peering_connection_id": "pcx-57b46c3e",
                            "route.3542631005.cidr_block": "10.114.244.0/22",
                            "route.3542631005.egress_only_gateway_id": "",
                            "route.3542631005.gateway_id": "",
                            "route.3542631005.instance_id": "",
                            "route.3542631005.ipv6_cidr_block": "",
                            "route.3542631005.nat_gateway_id": "",
                            "route.3542631005.network_interface_id": "",
                            "route.3542631005.vpc_peering_connection_id": "pcx-29a87040",
                            "route.4240432351.cidr_block": "10.127.69.7/32",
                            "route.4240432351.egress_only_gateway_id": "",
                            "route.4240432351.gateway_id": "",
                            "route.4240432351.instance_id": "",
                            "route.4240432351.ipv6_cidr_block": "",
                            "route.4240432351.nat_gateway_id": "",
                            "route.4240432351.network_interface_id": "",
                            "route.4240432351.vpc_peering_connection_id": "pcx-05b9616c",
                            "tags.%": "6",
                            "tags.KubernetesCluster": "eu-central-1_jive-data-pipeline",
                            "tags.Name": "test-public-routetable",
                            "tags.account_name": "jive-data-pipeline",
                            "tags.pipeline_phase": "test",
                            "tags.region": "eu-central-1",
                            "tags.sla": "non-prod",
                            "vpc_id": "vpc-d12af5b9"
                        },
                        "meta": {},
                        "tainted": false
                    },
                    "deposed": [],
                    "provider": ""
                },
                "aws_route_table_association.natdc.0": {
                    "type": "aws_route_table_association",
                    "depends_on": [
                        "aws_route_table.natdc.*",
                        "aws_subnet.natdc.*"
                    ],
                    "primary": {
                        "id": "rtbassoc-9bfe0df0",
                        "attributes": {
                            "id": "rtbassoc-9bfe0df0",
                            "route_table_id": "rtb-08a22460",
                            "subnet_id": "subnet-a3dd42cb"
                        },
                        "meta": {},
                        "tainted": false
                    },
                    "deposed": [],
                    "provider": ""
                },
                "aws_route_table_association.natdc.1": {
                    "type": "aws_route_table_association",
                    "depends_on": [
                        "aws_route_table.natdc.*",
                        "aws_subnet.natdc.*"
                    ],
                    "primary": {
                        "id": "rtbassoc-e5fe0d8e",
                        "attributes": {
                            "id": "rtbassoc-e5fe0d8e",
                            "route_table_id": "rtb-10e4a378",
                            "subnet_id": "subnet-c02f8eba"
                        },
                        "meta": {},
                        "tainted": false
                    },
                    "deposed": [],
                    "provider": ""
                },
                "aws_route_table_association.private.0": {
                    "type": "aws_route_table_association",
                    "depends_on": [
                        "aws_route_table.private",
                        "aws_subnet.private"
                    ],
                    "primary": {
                        "id": "rtbassoc-749ebd1c",
                        "attributes": {
                            "id": "rtbassoc-749ebd1c",
                            "route_table_id": "rtb-41a22429",
                            "subnet_id": "subnet-aedd42c6"
                        },
                        "meta": {},
                        "tainted": false
                    },
                    "deposed": [],
                    "provider": ""
                },
                "aws_route_table_association.private.1": {
                    "type": "aws_route_table_association",
                    "depends_on": [
                        "aws_route_table.private",
                        "aws_subnet.private"
                    ],
                    "primary": {
                        "id": "rtbassoc-759ebd1d",
                        "attributes": {
                            "id": "rtbassoc-759ebd1d",
                            "route_table_id": "rtb-41a22429",
                            "subnet_id": "subnet-c52f8ebf"
                        },
                        "meta": {},
                        "tainted": false
                    },
                    "deposed": [],
                    "provider": ""
                },
                "aws_route_table_association.public.0": {
                    "type": "aws_route_table_association",
                    "depends_on": [
                        "aws_route_table.public",
                        "aws_subnet.public"
                    ],
                    "primary": {
                        "id": "rtbassoc-489ebd20",
                        "attributes": {
                            "id": "rtbassoc-489ebd20",
                            "route_table_id": "rtb-46a2242e",
                            "subnet_id": "subnet-a4dd42cc"
                        },
                        "meta": {},
                        "tainted": false
                    },
                    "deposed": [],
                    "provider": ""
                },
                "aws_route_table_association.public.1": {
                    "type": "aws_route_table_association",
                    "depends_on": [
                        "aws_route_table.public",
                        "aws_subnet.public"
                    ],
                    "primary": {
                        "id": "rtbassoc-499ebd21",
                        "attributes": {
                            "id": "rtbassoc-499ebd21",
                            "route_table_id": "rtb-46a2242e",
                            "subnet_id": "subnet-c12f8ebb"
                        },
                        "meta": {},
                        "tainted": false
                    },
                    "deposed": [],
                    "provider": ""
                },
                "aws_security_group.admin_instance": {
                    "type": "aws_security_group",
                    "depends_on": [
                        "aws_vpc.main"
                    ],
                    "primary": {
                        "id": "sg-5e796f36",
                        "attributes": {
                            "description": "Admin instances for the VPC",
                            "egress.#": "0",
                            "id": "sg-5e796f36",
                            "ingress.#": "0",
                            "name": "test-admin-instance",
                            "owner_id": "999547976641",
                            "tags.%": "5",
                            "tags.Name": "test-admin-instance",
                            "tags.account_name": "jive-data-pipeline",
                            "tags.pipeline_phase": "test",
                            "tags.region": "eu-central-1",
                            "tags.sla": "non-prod",
                            "vpc_id": "vpc-d12af5b9"
                        },
                        "meta": {},
                        "tainted": false
                    },
                    "deposed": [],
                    "provider": ""
                },
                "aws_security_group.env_instance": {
                    "type": "aws_security_group",
                    "depends_on": [
                        "aws_vpc.main",
                        "data.aws_security_group.bastion"
                    ],
                    "primary": {
                        "id": "sg-57796f3f",
                        "attributes": {
                            "description": "All instances within the evironment",
                            "egress.#": "1",
                            "egress.482069346.cidr_blocks.#": "1",
                            "egress.482069346.cidr_blocks.0": "0.0.0.0/0",
                            "egress.482069346.from_port": "0",
                            "egress.482069346.ipv6_cidr_blocks.#": "0",
                            "egress.482069346.prefix_list_ids.#": "0",
                            "egress.482069346.protocol": "-1",
                            "egress.482069346.security_groups.#": "0",
                            "egress.482069346.self": "false",
                            "egress.482069346.to_port": "0",
                            "id": "sg-57796f3f",
                            "ingress.#": "2",
                            "ingress.2049095445.cidr_blocks.#": "0",
                            "ingress.2049095445.from_port": "22",
                            "ingress.2049095445.ipv6_cidr_blocks.#": "0",
                            "ingress.2049095445.protocol": "tcp",
                            "ingress.2049095445.security_groups.#": "1",
                            "ingress.2049095445.security_groups.473314682": "sg-dfb3a4b7",
                            "ingress.2049095445.self": "false",
                            "ingress.2049095445.to_port": "22",
                            "ingress.3344328886.cidr_blocks.#": "0",
                            "ingress.3344328886.from_port": "8",
                            "ingress.3344328886.ipv6_cidr_blocks.#": "0",
                            "ingress.3344328886.protocol": "icmp",
                            "ingress.3344328886.security_groups.#": "1",
                            "ingress.3344328886.security_groups.473314682": "sg-dfb3a4b7",
                            "ingress.3344328886.self": "false",
                            "ingress.3344328886.to_port": "0",
                            "name": "test-instance",
                            "owner_id": "999547976641",
                            "tags.%": "5",
                            "tags.Name": "test-instance",
                            "tags.account_name": "jive-data-pipeline",
                            "tags.pipeline_phase": "test",
                            "tags.region": "eu-central-1",
                            "tags.sla": "non-prod",
                            "vpc_id": "vpc-d12af5b9"
                        },
                        "meta": {},
                        "tainted": false
                    },
                    "deposed": [],
                    "provider": ""
                },
                "aws_security_group.natgw_instance": {
                    "type": "aws_security_group",
                    "depends_on": [
                        "aws_security_group.env_instance",
                        "aws_vpc.main"
                    ],
                    "primary": {
                        "id": "sg-2d796f45",
                        "attributes": {
                            "description": "Members of this SG are allowed to send any type of traffic to the NAT Box.",
                            "egress.#": "0",
                            "id": "sg-2d796f45",
                            "ingress.#": "1",
                            "ingress.809743016.cidr_blocks.#": "0",
                            "ingress.809743016.from_port": "0",
                            "ingress.809743016.ipv6_cidr_blocks.#": "0",
                            "ingress.809743016.protocol": "-1",
                            "ingress.809743016.security_groups.#": "1",
                            "ingress.809743016.security_groups.2428855670": "sg-57796f3f",
                            "ingress.809743016.self": "false",
                            "ingress.809743016.to_port": "0",
                            "name": "test-natgw-instance",
                            "owner_id": "999547976641",
                            "tags.%": "5",
                            "tags.Name": "test-natgw-instance",
                            "tags.account_name": "jive-data-pipeline",
                            "tags.pipeline_phase": "test",
                            "tags.region": "eu-central-1",
                            "tags.sla": "non-prod",
                            "vpc_id": "vpc-d12af5b9"
                        },
                        "meta": {},
                        "tainted": false
                    },
                    "deposed": [],
                    "provider": ""
                },
                "aws_subnet.natdc.0": {
                    "type": "aws_subnet",
                    "depends_on": [
                        "aws_vpc.main"
                    ],
                    "primary": {
                        "id": "subnet-a3dd42cb",
                        "attributes": {
                            "assign_ipv6_address_on_creation": "false",
                            "availability_zone": "eu-central-1a",
                            "cidr_block": "10.114.100.0/24",
                            "id": "subnet-a3dd42cb",
                            "map_public_ip_on_launch": "false",
                            "tags.%": "7",
                            "tags.KubernetesCluster": "eu-central-1_jive-data-pipeline",
                            "tags.Name": "test-natdc-subnet",
                            "tags.account_name": "jive-data-pipeline",
                            "tags.kubernetes.io/role/internal-elb": "eu-central-1_jive-data-pipeline",
                            "tags.pipeline_phase": "test",
                            "tags.region": "eu-central-1",
                            "tags.sla": "non-prod",
                            "vpc_id": "vpc-d12af5b9"
                        },
                        "meta": {},
                        "tainted": false
                    },
                    "deposed": [],
                    "provider": ""
                },
                "aws_subnet.natdc.1": {
                    "type": "aws_subnet",
                    "depends_on": [
                        "aws_vpc.main"
                    ],
                    "primary": {
                        "id": "subnet-c02f8eba",
                        "attributes": {
                            "assign_ipv6_address_on_creation": "false",
                            "availability_zone": "eu-central-1b",
                            "cidr_block": "10.114.101.0/24",
                            "id": "subnet-c02f8eba",
                            "map_public_ip_on_launch": "false",
                            "tags.%": "7",
                            "tags.KubernetesCluster": "eu-central-1_jive-data-pipeline",
                            "tags.Name": "test-natdc-subnet",
                            "tags.account_name": "jive-data-pipeline",
                            "tags.kubernetes.io/role/internal-elb": "eu-central-1_jive-data-pipeline",
                            "tags.pipeline_phase": "test",
                            "tags.region": "eu-central-1",
                            "tags.sla": "non-prod",
                            "vpc_id": "vpc-d12af5b9"
                        },
                        "meta": {},
                        "tainted": false
                    },
                    "deposed": [],
                    "provider": ""
                },
                "aws_subnet.private.0": {
                    "type": "aws_subnet",
                    "depends_on": [
                        "aws_vpc.main"
                    ],
                    "primary": {
                        "id": "subnet-aedd42c6",
                        "attributes": {
                            "assign_ipv6_address_on_creation": "false",
                            "availability_zone": "eu-central-1a",
                            "cidr_block": "10.114.103.96/27",
                            "id": "subnet-aedd42c6",
                            "map_public_ip_on_launch": "false",
                            "tags.%": "5",
                            "tags.Name": "test-private-subnet",
                            "tags.account_name": "jive-data-pipeline",
                            "tags.pipeline_phase": "test",
                            "tags.region": "eu-central-1",
                            "tags.sla": "non-prod",
                            "vpc_id": "vpc-d12af5b9"
                        },
                        "meta": {},
                        "tainted": false
                    },
                    "deposed": [],
                    "provider": ""
                },
                "aws_subnet.private.1": {
                    "type": "aws_subnet",
                    "depends_on": [
                        "aws_vpc.main"
                    ],
                    "primary": {
                        "id": "subnet-c52f8ebf",
                        "attributes": {
                            "assign_ipv6_address_on_creation": "false",
                            "availability_zone": "eu-central-1b",
                            "cidr_block": "10.114.103.128/27",
                            "id": "subnet-c52f8ebf",
                            "map_public_ip_on_launch": "false",
                            "tags.%": "5",
                            "tags.Name": "test-private-subnet",
                            "tags.account_name": "jive-data-pipeline",
                            "tags.pipeline_phase": "test",
                            "tags.region": "eu-central-1",
                            "tags.sla": "non-prod",
                            "vpc_id": "vpc-d12af5b9"
                        },
                        "meta": {},
                        "tainted": false
                    },
                    "deposed": [],
                    "provider": ""
                },
                "aws_subnet.public.0": {
                    "type": "aws_subnet",
                    "depends_on": [
                        "aws_vpc.main"
                    ],
                    "primary": {
                        "id": "subnet-a4dd42cc",
                        "attributes": {
                            "assign_ipv6_address_on_creation": "false",
                            "availability_zone": "eu-central-1a",
                            "cidr_block": "10.114.103.0/27",
                            "id": "subnet-a4dd42cc",
                            "map_public_ip_on_launch": "false",
                            "tags.%": "6",
                            "tags.KubernetesCluster": "eu-central-1_jive-data-pipeline",
                            "tags.Name": "test-public-subnet",
                            "tags.account_name": "jive-data-pipeline",
                            "tags.pipeline_phase": "test",
                            "tags.region": "eu-central-1",
                            "tags.sla": "non-prod",
                            "vpc_id": "vpc-d12af5b9"
                        },
                        "meta": {},
                        "tainted": false
                    },
                    "deposed": [],
                    "provider": ""
                },
                "aws_subnet.public.1": {
                    "type": "aws_subnet",
                    "depends_on": [
                        "aws_vpc.main"
                    ],
                    "primary": {
                        "id": "subnet-c12f8ebb",
                        "attributes": {
                            "assign_ipv6_address_on_creation": "false",
                            "availability_zone": "eu-central-1b",
                            "cidr_block": "10.114.103.32/27",
                            "id": "subnet-c12f8ebb",
                            "map_public_ip_on_launch": "false",
                            "tags.%": "6",
                            "tags.KubernetesCluster": "eu-central-1_jive-data-pipeline",
                            "tags.Name": "test-public-subnet",
                            "tags.account_name": "jive-data-pipeline",
                            "tags.pipeline_phase": "test",
                            "tags.region": "eu-central-1",
                            "tags.sla": "non-prod",
                            "vpc_id": "vpc-d12af5b9"
                        },
                        "meta": {},
                        "tainted": false
                    },
                    "deposed": [],
                    "provider": ""
                },
                "aws_vpc.main": {
                    "type": "aws_vpc",
                    "depends_on": [],
                    "primary": {
                        "id": "vpc-d12af5b9",
                        "attributes": {
                            "assign_generated_ipv6_cidr_block": "false",
                            "cidr_block": "10.114.100.0/22",
                            "default_network_acl_id": "acl-b579c0dd",
                            "default_route_table_id": "rtb-4aa22422",
                            "default_security_group_id": "sg-46796f2e",
                            "dhcp_options_id": "dopt-498b0e20",
                            "enable_dns_hostnames": "true",
                            "enable_dns_support": "true",
                            "id": "vpc-d12af5b9",
                            "instance_tenancy": "default",
                            "main_route_table_id": "rtb-4aa22422",
                            "tags.%": "5",
                            "tags.Name": "test-vpc",
                            "tags.account_name": "jive-data-pipeline",
                            "tags.pipeline_phase": "test",
                            "tags.region": "eu-central-1",
                            "tags.sla": "non-prod"
                        },
                        "meta": {
                            "schema_version": "1"
                        },
                        "tainted": false
                    },
                    "deposed": [],
                    "provider": ""
                },
                "aws_vpc_peering_connection.data_reco_test": {
                    "type": "aws_vpc_peering_connection",
                    "depends_on": [
                        "aws_vpc.main"
                    ],
                    "primary": {
                        "id": "pcx-29a87040",
                        "attributes": {
                            "accept_status": "active",
                            "accepter.#": "0",
                            "id": "pcx-29a87040",
                            "peer_owner_id": "642745549043",
                            "peer_vpc_id": "vpc-6367bb0b",
                            "requester.#": "1",
                            "requester.3244290774.allow_classic_link_to_remote_vpc": "false",
                            "requester.3244290774.allow_remote_vpc_dns_resolution": "false",
                            "requester.3244290774.allow_vpc_to_remote_classic_link": "false",
                            "tags.%": "5",
                            "tags.Name": "test_to_reco_account_test",
                            "tags.account_name": "jive-data-pipeline",
                            "tags.pipeline_phase": "test",
                            "tags.region": "eu-central-1",
                            "tags.sla": "non-prod",
                            "vpc_id": "vpc-d12af5b9"
                        },
                        "meta": {},
                        "tainted": false
                    },
                    "deposed": [],
                    "provider": ""
                },
                "aws_vpc_peering_connection.infra": {
                    "type": "aws_vpc_peering_connection",
                    "depends_on": [
                        "aws_vpc.main"
                    ],
                    "primary": {
                        "id": "pcx-05b9616c",
                        "attributes": {
                            "accept_status": "active",
                            "accepter.#": "1",
                            "accepter.3244290774.allow_classic_link_to_remote_vpc": "false",
                            "accepter.3244290774.allow_remote_vpc_dns_resolution": "false",
                            "accepter.3244290774.allow_vpc_to_remote_classic_link": "false",
                            "auto_accept": "true",
                            "id": "pcx-05b9616c",
                            "peer_owner_id": "999547976641",
                            "peer_vpc_id": "vpc-2013cc48",
                            "requester.#": "1",
                            "requester.3244290774.allow_classic_link_to_remote_vpc": "false",
                            "requester.3244290774.allow_remote_vpc_dns_resolution": "false",
                            "requester.3244290774.allow_vpc_to_remote_classic_link": "false",
                            "tags.%": "5",
                            "tags.Name": "test_to_infra-jive-data-pipeline",
                            "tags.account_name": "jive-data-pipeline",
                            "tags.pipeline_phase": "test",
                            "tags.region": "eu-central-1",
                            "tags.sla": "non-prod",
                            "vpc_id": "vpc-d12af5b9"
                        },
                        "meta": {},
                        "tainted": false
                    },
                    "deposed": [],
                    "provider": ""
                },
                "aws_vpn_connection.main": {
                    "type": "aws_vpn_connection",
                    "depends_on": [
                        "aws_vpn_gateway.vgw"
                    ],
                    "primary": {
                        "id": "vpn-03d4336a",
                        "attributes": {
                            "customer_gateway_configuration": "\u003c?xml version=\"1.0\" encoding=\"UTF-8\"?\u003e\n\u003cvpn_connection id=\"vpn-03d4336a\"\u003e\n  \u003ccustomer_gateway_id\u003ecgw-eaf876da\u003c/customer_gateway_id\u003e\n  \u003cvpn_gateway_id\u003evgw-714dc241\u003c/vpn_gateway_id\u003e\n  \u003cvpn_connection_type\u003eipsec.1\u003c/vpn_connection_type\u003e\n  \u003cipsec_tunnel\u003e\n    \u003ccustomer_gateway\u003e\n      \u003ctunnel_outside_address\u003e\n        \u003cip_address\u003e204.93.80.68\u003c/ip_address\u003e\n      \u003c/tunnel_outside_address\u003e\n      \u003ctunnel_inside_address\u003e\n        \u003cip_address\u003e169.254.43.226\u003c/ip_address\u003e\n        \u003cnetwork_mask\u003e255.255.255.252\u003c/network_mask\u003e\n        \u003cnetwork_cidr\u003e30\u003c/network_cidr\u003e\n      \u003c/tunnel_inside_address\u003e\n      \u003cbgp\u003e\n        \u003casn\u003e13364\u003c/asn\u003e\n        \u003chold_time\u003e30\u003c/hold_time\u003e\n      \u003c/bgp\u003e\n    \u003c/customer_gateway\u003e\n    \u003cvpn_gateway\u003e\n      \u003ctunnel_outside_address\u003e\n        \u003cip_address\u003e52.28.138.51\u003c/ip_address\u003e\n      \u003c/tunnel_outside_address\u003e\n      \u003ctunnel_inside_address\u003e\n        \u003cip_address\u003e169.254.43.225\u003c/ip_address\u003e\n        \u003cnetwork_mask\u003e255.255.255.252\u003c/network_mask\u003e\n        \u003cnetwork_cidr\u003e30\u003c/network_cidr\u003e\n      \u003c/tunnel_inside_address\u003e\n      \u003cbgp\u003e\n        \u003casn\u003e7224\u003c/asn\u003e\n        \u003chold_time\u003e30\u003c/hold_time\u003e\n      \u003c/bgp\u003e\n    \u003c/vpn_gateway\u003e\n    \u003cike\u003e\n      \u003cauthentication_protocol\u003esha1\u003c/authentication_protocol\u003e\n      \u003cencryption_protocol\u003eaes-128-cbc\u003c/encryption_protocol\u003e\n      \u003clifetime\u003e28800\u003c/lifetime\u003e\n      \u003cperfect_forward_secrecy\u003egroup2\u003c/perfect_forward_secrecy\u003e\n      \u003cmode\u003emain\u003c/mode\u003e\n      \u003cpre_shared_key\u003eXc9jehoByKIaq_b1cpa1lbOGrtkY4Mq1\u003c/pre_shared_key\u003e\n    \u003c/ike\u003e\n    \u003cipsec\u003e\n      \u003cprotocol\u003eesp\u003c/protocol\u003e\n      \u003cauthentication_protocol\u003ehmac-sha1-96\u003c/authentication_protocol\u003e\n      \u003cencryption_protocol\u003eaes-128-cbc\u003c/encryption_protocol\u003e\n      \u003clifetime\u003e3600\u003c/lifetime\u003e\n      \u003cperfect_forward_secrecy\u003egroup2\u003c/perfect_forward_secrecy\u003e\n      \u003cmode\u003etunnel\u003c/mode\u003e\n      \u003cclear_df_bit\u003etrue\u003c/clear_df_bit\u003e\n      \u003cfragmentation_before_encryption\u003etrue\u003c/fragmentation_before_encryption\u003e\n      \u003ctcp_mss_adjustment\u003e1379\u003c/tcp_mss_adjustment\u003e\n      \u003cdead_peer_detection\u003e\n        \u003cinterval\u003e10\u003c/interval\u003e\n        \u003cretries\u003e3\u003c/retries\u003e\n      \u003c/dead_peer_detection\u003e\n    \u003c/ipsec\u003e\n  \u003c/ipsec_tunnel\u003e\n  \u003cipsec_tunnel\u003e\n    \u003ccustomer_gateway\u003e\n      \u003ctunnel_outside_address\u003e\n        \u003cip_address\u003e204.93.80.68\u003c/ip_address\u003e\n      \u003c/tunnel_outside_address\u003e\n      \u003ctunnel_inside_address\u003e\n        \u003cip_address\u003e169.254.42.158\u003c/ip_address\u003e\n        \u003cnetwork_mask\u003e255.255.255.252\u003c/network_mask\u003e\n        \u003cnetwork_cidr\u003e30\u003c/network_cidr\u003e\n      \u003c/tunnel_inside_address\u003e\n      \u003cbgp\u003e\n        \u003casn\u003e13364\u003c/asn\u003e\n        \u003chold_time\u003e30\u003c/hold_time\u003e\n      \u003c/bgp\u003e\n    \u003c/customer_gateway\u003e\n    \u003cvpn_gateway\u003e\n      \u003ctunnel_outside_address\u003e\n        \u003cip_address\u003e52.57.150.97\u003c/ip_address\u003e\n      \u003c/tunnel_outside_address\u003e\n      \u003ctunnel_inside_address\u003e\n        \u003cip_address\u003e169.254.42.157\u003c/ip_address\u003e\n        \u003cnetwork_mask\u003e255.255.255.252\u003c/network_mask\u003e\n        \u003cnetwork_cidr\u003e30\u003c/network_cidr\u003e\n      \u003c/tunnel_inside_address\u003e\n      \u003cbgp\u003e\n        \u003casn\u003e7224\u003c/asn\u003e\n        \u003chold_time\u003e30\u003c/hold_time\u003e\n      \u003c/bgp\u003e\n    \u003c/vpn_gateway\u003e\n    \u003cike\u003e\n      \u003cauthentication_protocol\u003esha1\u003c/authentication_protocol\u003e\n      \u003cencryption_protocol\u003eaes-128-cbc\u003c/encryption_protocol\u003e\n      \u003clifetime\u003e28800\u003c/lifetime\u003e\n      \u003cperfect_forward_secrecy\u003egroup2\u003c/perfect_forward_secrecy\u003e\n      \u003cmode\u003emain\u003c/mode\u003e\n      \u003cpre_shared_key\u003eCV1hXc3TZXFa0SjLlOYKSyeSrdANz4ST\u003c/pre_shared_key\u003e\n    \u003c/ike\u003e\n    \u003cipsec\u003e\n      \u003cprotocol\u003eesp\u003c/protocol\u003e\n      \u003cauthentication_protocol\u003ehmac-sha1-96\u003c/authentication_protocol\u003e\n      \u003cencryption_protocol\u003eaes-128-cbc\u003c/encryption_protocol\u003e\n      \u003clifetime\u003e3600\u003c/lifetime\u003e\n      \u003cperfect_forward_secrecy\u003egroup2\u003c/perfect_forward_secrecy\u003e\n      \u003cmode\u003etunnel\u003c/mode\u003e\n      \u003cclear_df_bit\u003etrue\u003c/clear_df_bit\u003e\n      \u003cfragmentation_before_encryption\u003etrue\u003c/fragmentation_before_encryption\u003e\n      \u003ctcp_mss_adjustment\u003e1379\u003c/tcp_mss_adjustment\u003e\n      \u003cdead_peer_detection\u003e\n        \u003cinterval\u003e10\u003c/interval\u003e\n        \u003cretries\u003e3\u003c/retries\u003e\n      \u003c/dead_peer_detection\u003e\n    \u003c/ipsec\u003e\n  \u003c/ipsec_tunnel\u003e\n\u003c/vpn_connection\u003e\n",
                            "customer_gateway_id": "cgw-eaf876da",
                            "id": "vpn-03d4336a",
                            "routes.#": "0",
                            "static_routes_only": "false",
                            "tags.%": "5",
                            "tags.Name": "test-jive-vpn",
                            "tags.account_name": "jive-data-pipeline",
                            "tags.pipeline_phase": "test",
                            "tags.region": "eu-central-1",
                            "tags.sla": "non-prod",
                            "tunnel1_address": "52.28.138.51",
                            "tunnel1_preshared_key": "Xc9jehoByKIaq_b1cpa1lbOGrtkY4Mq1",
                            "tunnel2_address": "52.57.150.97",
                            "tunnel2_preshared_key": "CV1hXc3TZXFa0SjLlOYKSyeSrdANz4ST",
                            "type": "ipsec.1",
                            "vgw_telemetry.#": "2",
                            "vgw_telemetry.1419901658.accepted_route_count": "7",
                            "vgw_telemetry.1419901658.last_status_change": "2017-05-26 07:49:13 +0000 UTC",
                            "vgw_telemetry.1419901658.outside_ip_address": "52.57.150.97",
                            "vgw_telemetry.1419901658.status": "UP",
                            "vgw_telemetry.1419901658.status_message": "7 BGP ROUTES",
                            "vgw_telemetry.3501054028.accepted_route_count": "7",
                            "vgw_telemetry.3501054028.last_status_change": "2017-05-26 07:49:41 +0000 UTC",
                            "vgw_telemetry.3501054028.outside_ip_address": "52.28.138.51",
                            "vgw_telemetry.3501054028.status": "UP",
                            "vgw_telemetry.3501054028.status_message": "7 BGP ROUTES",
                            "vpn_gateway_id": "vgw-714dc241"
                        },
                        "meta": {},
                        "tainted": false
                    },
                    "deposed": [],
                    "provider": ""
                },
                "aws_vpn_gateway.vgw": {
                    "type": "aws_vpn_gateway",
                    "depends_on": [
                        "aws_vpc.main"
                    ],
                    "primary": {
                        "id": "vgw-714dc241",
                        "attributes": {
                            "id": "vgw-714dc241",
                            "tags.%": "7",
                            "tags.Name": "test-vgw",
                            "tags.account_name": "jive-data-pipeline",
                            "tags.jive_service": "infrastructure",
                            "tags.pipeline_phase": "test",
                            "tags.region": "eu-central-1",
                            "tags.service_component": "vpn_gateway",
                            "tags.sla": "non-prod",
                            "vpc_id": "vpc-d12af5b9"
                        },
                        "meta": {},
                        "tainted": false
                    },
                    "deposed": [],
                    "provider": ""
                },
                "data.aws_security_group.bastion": {
                    "type": "aws_security_group",
                    "depends_on": [],
                    "primary": {
                        "id": "sg-dfb3a4b7",
                        "attributes": {
                            "filter.#": "1",
                            "filter.1988431066.name": "tag:jive_service",
                            "filter.1988431066.values.#": "1",
                            "filter.1988431066.values.2480389212": "infrastructure",
                            "id": "sg-dfb3a4b7",
                            "name": "infra-pipeline-jive-phx-dc",
                            "tags.%": "6",
                            "tags.Name": "infra-pipeline-jive-phx-dc",
                            "tags.account_name": "jive-data-pipeline",
                            "tags.jive_service": "infrastructure",
                            "tags.pipeline_phase": "infra-pipeline",
                            "tags.region": "eu-central-1",
                            "tags.sla": "non-prod",
                            "vpc_id": "vpc-2013cc48"
                        },
                        "meta": {},
                        "tainted": false
                    },
                    "deposed": [],
                    "provider": ""
                }
            },
            "depends_on": []
        }
    ]
}
