{
    "version": 3,
    "terraform_version": "0.7.13",
    "serial": 26,
    "lineage": "41e621fb-a0e8-46fc-9e0a-bf8ab03f46c6",
    "modules": [
        {
            "path": [
                "root"
            ],
            "outputs": {},
            "resources": {
                "aws_autoscaling_group.k8s_etcd_asg.0": {
                    "type": "aws_autoscaling_group",
                    "depends_on": [
                        "aws_eip.k8s_etcd_eip",
                        "aws_launch_configuration.k8s_etcd",
                        "data.aws_subnet.natdc",
                        "null_resource.k8s_cluster"
                    ],
                    "primary": {
                        "id": "pipeline-jcx-k8s-etcd-asg1",
                        "attributes": {
                            "arn": "arn:aws:autoscaling:eu-central-1:811034720611:autoScalingGroup:ed033216-9b66-4139-81c3-414bd45d572a:autoScalingGroupName/pipeline-jcx-k8s-etcd-asg1",
                            "availability_zones.#": "1",
                            "availability_zones.1126047633": "eu-central-1a",
                            "default_cooldown": "300",
                            "desired_capacity": "1",
                            "force_delete": "false",
                            "health_check_grace_period": "300",
                            "health_check_type": "EC2",
                            "id": "pipeline-jcx-k8s-etcd-asg1",
                            "launch_configuration": "terraform-20170324213029694534916jqv",
                            "load_balancers.#": "0",
                            "max_size": "1",
                            "metrics_granularity": "1Minute",
                            "min_size": "1",
                            "name": "pipeline-jcx-k8s-etcd-asg1",
                            "placement_group": "",
                            "protect_from_scale_in": "false",
                            "tag.#": "10",
                            "tag.228704704.key": "Region",
                            "tag.228704704.propagate_at_launch": "true",
                            "tag.228704704.value": "eu-central-1",
                            "tag.2529000289.key": "Pipeline_phase",
                            "tag.2529000289.propagate_at_launch": "true",
                            "tag.2529000289.value": "pipeline-jcx",
                            "tag.2719560921.key": "KubernetesCluster",
                            "tag.2719560921.propagate_at_launch": "true",
                            "tag.2719560921.value": "eu-central-1_jive-microservices-pipeline-jcx",
                            "tag.2986939591.key": "Hostname",
                            "tag.2986939591.propagate_at_launch": "true",
                            "tag.2986939591.value": "eu-central-1_jive-microservices-pipeline-jcx-etcd1",
                            "tag.3159035691.key": "Etcd_ip",
                            "tag.3159035691.propagate_at_launch": "true",
                            "tag.3159035691.value": "10.126.129.18",
                            "tag.3187119633.key": "Service_component",
                            "tag.3187119633.propagate_at_launch": "true",
                            "tag.3187119633.value": "etcd",
                            "tag.3550500222.key": "Name",
                            "tag.3550500222.propagate_at_launch": "true",
                            "tag.3550500222.value": "pipeline-jcx-k8s-etcd-instance",
                            "tag.3767096825.key": "SLA",
                            "tag.3767096825.propagate_at_launch": "true",
                            "tag.3767096825.value": "non-prod",
                            "tag.744420302.key": "Jive_service",
                            "tag.744420302.propagate_at_launch": "true",
                            "tag.744420302.value": "eu-central-1_jive-microservices-pipeline-jcx",
                            "tag.982882763.key": "K8s_cluster",
                            "tag.982882763.propagate_at_launch": "true",
                            "tag.982882763.value": "eu-central-1_jive-microservices-pipeline-jcx",
                            "target_group_arns.#": "0",
                            "termination_policies.#": "0",
                            "vpc_zone_identifier.#": "1",
                            "vpc_zone_identifier.2126640816": "subnet-4732942f",
                            "wait_for_capacity_timeout": "10m"
                        },
                        "meta": {},
                        "tainted": false
                    },
                    "deposed": [],
                    "provider": ""
                },
                "aws_autoscaling_group.k8s_etcd_asg.1": {
                    "type": "aws_autoscaling_group",
                    "depends_on": [
                        "aws_eip.k8s_etcd_eip",
                        "aws_launch_configuration.k8s_etcd",
                        "data.aws_subnet.natdc",
                        "null_resource.k8s_cluster"
                    ],
                    "primary": {
                        "id": "pipeline-jcx-k8s-etcd-asg2",
                        "attributes": {
                            "arn": "arn:aws:autoscaling:eu-central-1:811034720611:autoScalingGroup:debd5844-6d9a-4ff3-a515-71f7c6f7c4bb:autoScalingGroupName/pipeline-jcx-k8s-etcd-asg2",
                            "availability_zones.#": "1",
                            "availability_zones.3658960427": "eu-central-1b",
                            "default_cooldown": "300",
                            "desired_capacity": "1",
                            "force_delete": "false",
                            "health_check_grace_period": "300",
                            "health_check_type": "EC2",
                            "id": "pipeline-jcx-k8s-etcd-asg2",
                            "launch_configuration": "terraform-20170324213029694534916jqv",
                            "load_balancers.#": "0",
                            "max_size": "1",
                            "metrics_granularity": "1Minute",
                            "min_size": "1",
                            "name": "pipeline-jcx-k8s-etcd-asg2",
                            "placement_group": "",
                            "protect_from_scale_in": "false",
                            "tag.#": "10",
                            "tag.2212564570.key": "Hostname",
                            "tag.2212564570.propagate_at_launch": "true",
                            "tag.2212564570.value": "eu-central-1_jive-microservices-pipeline-jcx-etcd2",
                            "tag.228704704.key": "Region",
                            "tag.228704704.propagate_at_launch": "true",
                            "tag.228704704.value": "eu-central-1",
                            "tag.2529000289.key": "Pipeline_phase",
                            "tag.2529000289.propagate_at_launch": "true",
                            "tag.2529000289.value": "pipeline-jcx",
                            "tag.2719560921.key": "KubernetesCluster",
                            "tag.2719560921.propagate_at_launch": "true",
                            "tag.2719560921.value": "eu-central-1_jive-microservices-pipeline-jcx",
                            "tag.3187119633.key": "Service_component",
                            "tag.3187119633.propagate_at_launch": "true",
                            "tag.3187119633.value": "etcd",
                            "tag.3550500222.key": "Name",
                            "tag.3550500222.propagate_at_launch": "true",
                            "tag.3550500222.value": "pipeline-jcx-k8s-etcd-instance",
                            "tag.3767096825.key": "SLA",
                            "tag.3767096825.propagate_at_launch": "true",
                            "tag.3767096825.value": "non-prod",
                            "tag.3927210036.key": "Etcd_ip",
                            "tag.3927210036.propagate_at_launch": "true",
                            "tag.3927210036.value": "10.126.133.219",
                            "tag.744420302.key": "Jive_service",
                            "tag.744420302.propagate_at_launch": "true",
                            "tag.744420302.value": "eu-central-1_jive-microservices-pipeline-jcx",
                            "tag.982882763.key": "K8s_cluster",
                            "tag.982882763.propagate_at_launch": "true",
                            "tag.982882763.value": "eu-central-1_jive-microservices-pipeline-jcx",
                            "target_group_arns.#": "0",
                            "termination_policies.#": "0",
                            "vpc_zone_identifier.#": "1",
                            "vpc_zone_identifier.3993053192": "subnet-cd40b4b7",
                            "wait_for_capacity_timeout": "10m"
                        },
                        "meta": {},
                        "tainted": false
                    },
                    "deposed": [],
                    "provider": ""
                },
                "aws_autoscaling_group.k8s_etcd_asg.2": {
                    "type": "aws_autoscaling_group",
                    "depends_on": [
                        "aws_eip.k8s_etcd_eip",
                        "aws_launch_configuration.k8s_etcd",
                        "data.aws_subnet.natdc",
                        "null_resource.k8s_cluster"
                    ],
                    "primary": {
                        "id": "pipeline-jcx-k8s-etcd-asg3",
                        "attributes": {
                            "arn": "arn:aws:autoscaling:eu-central-1:811034720611:autoScalingGroup:4ac7585d-b05f-4eeb-94fd-fe0ba46f4911:autoScalingGroupName/pipeline-jcx-k8s-etcd-asg3",
                            "availability_zones.#": "1",
                            "availability_zones.1126047633": "eu-central-1a",
                            "default_cooldown": "300",
                            "desired_capacity": "1",
                            "force_delete": "false",
                            "health_check_grace_period": "300",
                            "health_check_type": "EC2",
                            "id": "pipeline-jcx-k8s-etcd-asg3",
                            "launch_configuration": "terraform-20170324213029694534916jqv",
                            "load_balancers.#": "0",
                            "max_size": "1",
                            "metrics_granularity": "1Minute",
                            "min_size": "1",
                            "name": "pipeline-jcx-k8s-etcd-asg3",
                            "placement_group": "",
                            "protect_from_scale_in": "false",
                            "tag.#": "10",
                            "tag.1619294813.key": "Etcd_ip",
                            "tag.1619294813.propagate_at_launch": "true",
                            "tag.1619294813.value": "10.126.130.123",
                            "tag.228704704.key": "Region",
                            "tag.228704704.propagate_at_launch": "true",
                            "tag.228704704.value": "eu-central-1",
                            "tag.2529000289.key": "Pipeline_phase",
                            "tag.2529000289.propagate_at_launch": "true",
                            "tag.2529000289.value": "pipeline-jcx",
                            "tag.2719560921.key": "KubernetesCluster",
                            "tag.2719560921.propagate_at_launch": "true",
                            "tag.2719560921.value": "eu-central-1_jive-microservices-pipeline-jcx",
                            "tag.3187119633.key": "Service_component",
                            "tag.3187119633.propagate_at_launch": "true",
                            "tag.3187119633.value": "etcd",
                            "tag.3550500222.key": "Name",
                            "tag.3550500222.propagate_at_launch": "true",
                            "tag.3550500222.value": "pipeline-jcx-k8s-etcd-instance",
                            "tag.3767096825.key": "SLA",
                            "tag.3767096825.propagate_at_launch": "true",
                            "tag.3767096825.value": "non-prod",
                            "tag.630588910.key": "Hostname",
                            "tag.630588910.propagate_at_launch": "true",
                            "tag.630588910.value": "eu-central-1_jive-microservices-pipeline-jcx-etcd3",
                            "tag.744420302.key": "Jive_service",
                            "tag.744420302.propagate_at_launch": "true",
                            "tag.744420302.value": "eu-central-1_jive-microservices-pipeline-jcx",
                            "tag.982882763.key": "K8s_cluster",
                            "tag.982882763.propagate_at_launch": "true",
                            "tag.982882763.value": "eu-central-1_jive-microservices-pipeline-jcx",
                            "target_group_arns.#": "0",
                            "termination_policies.#": "0",
                            "vpc_zone_identifier.#": "1",
                            "vpc_zone_identifier.2126640816": "subnet-4732942f",
                            "wait_for_capacity_timeout": "10m"
                        },
                        "meta": {},
                        "tainted": false
                    },
                    "deposed": [],
                    "provider": ""
                },
                "aws_autoscaling_group.k8s_etcd_asg.3": {
                    "type": "aws_autoscaling_group",
                    "depends_on": [
                        "aws_eip.k8s_etcd_eip",
                        "aws_launch_configuration.k8s_etcd",
                        "data.aws_subnet.natdc",
                        "null_resource.k8s_cluster"
                    ],
                    "primary": {
                        "id": "pipeline-jcx-k8s-etcd-asg4",
                        "attributes": {
                            "arn": "arn:aws:autoscaling:eu-central-1:811034720611:autoScalingGroup:bba0c2d1-179a-4a69-8456-29794cefee68:autoScalingGroupName/pipeline-jcx-k8s-etcd-asg4",
                            "availability_zones.#": "1",
                            "availability_zones.3658960427": "eu-central-1b",
                            "default_cooldown": "300",
                            "desired_capacity": "1",
                            "force_delete": "false",
                            "health_check_grace_period": "300",
                            "health_check_type": "EC2",
                            "id": "pipeline-jcx-k8s-etcd-asg4",
                            "launch_configuration": "terraform-20170324213029694534916jqv",
                            "load_balancers.#": "0",
                            "max_size": "1",
                            "metrics_granularity": "1Minute",
                            "min_size": "1",
                            "name": "pipeline-jcx-k8s-etcd-asg4",
                            "placement_group": "",
                            "protect_from_scale_in": "false",
                            "tag.#": "10",
                            "tag.2038070134.key": "Etcd_ip",
                            "tag.2038070134.propagate_at_launch": "true",
                            "tag.2038070134.value": "10.126.134.2",
                            "tag.228704704.key": "Region",
                            "tag.228704704.propagate_at_launch": "true",
                            "tag.228704704.value": "eu-central-1",
                            "tag.2529000289.key": "Pipeline_phase",
                            "tag.2529000289.propagate_at_launch": "true",
                            "tag.2529000289.value": "pipeline-jcx",
                            "tag.2719560921.key": "KubernetesCluster",
                            "tag.2719560921.propagate_at_launch": "true",
                            "tag.2719560921.value": "eu-central-1_jive-microservices-pipeline-jcx",
                            "tag.3187119633.key": "Service_component",
                            "tag.3187119633.propagate_at_launch": "true",
                            "tag.3187119633.value": "etcd",
                            "tag.3550500222.key": "Name",
                            "tag.3550500222.propagate_at_launch": "true",
                            "tag.3550500222.value": "pipeline-jcx-k8s-etcd-instance",
                            "tag.3761322848.key": "Hostname",
                            "tag.3761322848.propagate_at_launch": "true",
                            "tag.3761322848.value": "eu-central-1_jive-microservices-pipeline-jcx-etcd4",
                            "tag.3767096825.key": "SLA",
                            "tag.3767096825.propagate_at_launch": "true",
                            "tag.3767096825.value": "non-prod",
                            "tag.744420302.key": "Jive_service",
                            "tag.744420302.propagate_at_launch": "true",
                            "tag.744420302.value": "eu-central-1_jive-microservices-pipeline-jcx",
                            "tag.982882763.key": "K8s_cluster",
                            "tag.982882763.propagate_at_launch": "true",
                            "tag.982882763.value": "eu-central-1_jive-microservices-pipeline-jcx",
                            "target_group_arns.#": "0",
                            "termination_policies.#": "0",
                            "vpc_zone_identifier.#": "1",
                            "vpc_zone_identifier.3993053192": "subnet-cd40b4b7",
                            "wait_for_capacity_timeout": "10m"
                        },
                        "meta": {},
                        "tainted": false
                    },
                    "deposed": [],
                    "provider": ""
                },
                "aws_autoscaling_group.k8s_master": {
                    "type": "aws_autoscaling_group",
                    "depends_on": [
                        "aws_elb.k8s_master",
                        "aws_launch_configuration.k8s_master",
                        "null_resource.k8s_cluster"
                    ],
                    "primary": {
                        "id": "pipeline-jcx-k8s-master-asg1",
                        "attributes": {
                            "arn": "arn:aws:autoscaling:eu-central-1:811034720611:autoScalingGroup:7e15f274-b711-4fa7-837d-3d885f33feae:autoScalingGroupName/pipeline-jcx-k8s-master-asg1",
                            "availability_zones.#": "1",
                            "availability_zones.1126047633": "eu-central-1a",
                            "default_cooldown": "300",
                            "desired_capacity": "1",
                            "force_delete": "false",
                            "health_check_grace_period": "300",
                            "health_check_type": "EC2",
                            "id": "pipeline-jcx-k8s-master-asg1",
                            "launch_configuration": "terraform-20170324213029705602315bgw",
                            "load_balancers.#": "1",
                            "load_balancers.4217079403": "pipeline-jcx-k8s-master-elb",
                            "max_size": "1",
                            "metrics_granularity": "1Minute",
                            "min_size": "1",
                            "name": "pipeline-jcx-k8s-master-asg1",
                            "placement_group": "",
                            "protect_from_scale_in": "false",
                            "tag.#": "9",
                            "tag.228704704.key": "Region",
                            "tag.228704704.propagate_at_launch": "true",
                            "tag.228704704.value": "eu-central-1",
                            "tag.2529000289.key": "Pipeline_phase",
                            "tag.2529000289.propagate_at_launch": "true",
                            "tag.2529000289.value": "pipeline-jcx",
                            "tag.2719560921.key": "KubernetesCluster",
                            "tag.2719560921.propagate_at_launch": "true",
                            "tag.2719560921.value": "eu-central-1_jive-microservices-pipeline-jcx",
                            "tag.3116370667.key": "Service_component",
                            "tag.3116370667.propagate_at_launch": "true",
                            "tag.3116370667.value": "k8s-master",
                            "tag.3767096825.key": "SLA",
                            "tag.3767096825.propagate_at_launch": "true",
                            "tag.3767096825.value": "non-prod",
                            "tag.526373445.key": "Hostname",
                            "tag.526373445.propagate_at_launch": "true",
                            "tag.526373445.value": "eu-central-1_jive-microservices-pipeline-jcx-master1",
                            "tag.744420302.key": "Jive_service",
                            "tag.744420302.propagate_at_launch": "true",
                            "tag.744420302.value": "eu-central-1_jive-microservices-pipeline-jcx",
                            "tag.982882763.key": "K8s_cluster",
                            "tag.982882763.propagate_at_launch": "true",
                            "tag.982882763.value": "eu-central-1_jive-microservices-pipeline-jcx",
                            "tag.992119558.key": "Name",
                            "tag.992119558.propagate_at_launch": "true",
                            "tag.992119558.value": "pipeline-jcx-k8s-master-instance",
                            "target_group_arns.#": "0",
                            "termination_policies.#": "0",
                            "vpc_zone_identifier.#": "1",
                            "vpc_zone_identifier.2126640816": "subnet-4732942f",
                            "wait_for_capacity_timeout": "10m"
                        },
                        "meta": {},
                        "tainted": false
                    },
                    "deposed": [],
                    "provider": ""
                },
                "aws_autoscaling_group.k8s_worker_asg.0": {
                    "type": "aws_autoscaling_group",
                    "depends_on": [
                        "aws_launch_configuration.k8s_worker",
                        "null_resource.k8s_cluster"
                    ],
                    "primary": {
                        "id": "pipeline-jcx-k8s-worker-asg1",
                        "attributes": {
                            "arn": "arn:aws:autoscaling:eu-central-1:811034720611:autoScalingGroup:2f1b0286-1eae-4507-ae1e-1eeacff54cb8:autoScalingGroupName/pipeline-jcx-k8s-worker-asg1",
                            "availability_zones.#": "1",
                            "availability_zones.1126047633": "eu-central-1a",
                            "default_cooldown": "300",
                            "desired_capacity": "2",
                            "force_delete": "false",
                            "health_check_grace_period": "300",
                            "health_check_type": "EC2",
                            "id": "pipeline-jcx-k8s-worker-asg1",
                            "launch_configuration": "terraform-201703242130296943548673wq",
                            "load_balancers.#": "0",
                            "max_size": "6",
                            "metrics_granularity": "1Minute",
                            "min_size": "2",
                            "name": "pipeline-jcx-k8s-worker-asg1",
                            "placement_group": "",
                            "protect_from_scale_in": "false",
                            "tag.#": "9",
                            "tag.2157698622.key": "Hostname",
                            "tag.2157698622.propagate_at_launch": "true",
                            "tag.2157698622.value": "k8s-node1",
                            "tag.228639812.key": "Service_component",
                            "tag.228639812.propagate_at_launch": "true",
                            "tag.228639812.value": "k8s-node",
                            "tag.228704704.key": "Region",
                            "tag.228704704.propagate_at_launch": "true",
                            "tag.228704704.value": "eu-central-1",
                            "tag.2529000289.key": "Pipeline_phase",
                            "tag.2529000289.propagate_at_launch": "true",
                            "tag.2529000289.value": "pipeline-jcx",
                            "tag.2719560921.key": "KubernetesCluster",
                            "tag.2719560921.propagate_at_launch": "true",
                            "tag.2719560921.value": "eu-central-1_jive-microservices-pipeline-jcx",
                            "tag.2805375662.key": "Name",
                            "tag.2805375662.propagate_at_launch": "true",
                            "tag.2805375662.value": "pipeline-jcx-k8s-worker-instance",
                            "tag.3767096825.key": "SLA",
                            "tag.3767096825.propagate_at_launch": "true",
                            "tag.3767096825.value": "non-prod",
                            "tag.744420302.key": "Jive_service",
                            "tag.744420302.propagate_at_launch": "true",
                            "tag.744420302.value": "eu-central-1_jive-microservices-pipeline-jcx",
                            "tag.982882763.key": "K8s_cluster",
                            "tag.982882763.propagate_at_launch": "true",
                            "tag.982882763.value": "eu-central-1_jive-microservices-pipeline-jcx",
                            "target_group_arns.#": "0",
                            "termination_policies.#": "0",
                            "vpc_zone_identifier.#": "1",
                            "vpc_zone_identifier.2126640816": "subnet-4732942f",
                            "wait_for_capacity_timeout": "10m"
                        },
                        "meta": {},
                        "tainted": false
                    },
                    "deposed": [],
                    "provider": ""
                },
                "aws_autoscaling_group.k8s_worker_asg.1": {
                    "type": "aws_autoscaling_group",
                    "depends_on": [
                        "aws_launch_configuration.k8s_worker",
                        "null_resource.k8s_cluster"
                    ],
                    "primary": {
                        "id": "pipeline-jcx-k8s-worker-asg2",
                        "attributes": {
                            "arn": "arn:aws:autoscaling:eu-central-1:811034720611:autoScalingGroup:52529c69-8df1-4827-957e-6a956cd199be:autoScalingGroupName/pipeline-jcx-k8s-worker-asg2",
                            "availability_zones.#": "1",
                            "availability_zones.3658960427": "eu-central-1b",
                            "default_cooldown": "300",
                            "desired_capacity": "2",
                            "force_delete": "false",
                            "health_check_grace_period": "300",
                            "health_check_type": "EC2",
                            "id": "pipeline-jcx-k8s-worker-asg2",
                            "launch_configuration": "terraform-201703242130296943548673wq",
                            "load_balancers.#": "0",
                            "max_size": "6",
                            "metrics_granularity": "1Minute",
                            "min_size": "2",
                            "name": "pipeline-jcx-k8s-worker-asg2",
                            "placement_group": "",
                            "protect_from_scale_in": "false",
                            "tag.#": "9",
                            "tag.228639812.key": "Service_component",
                            "tag.228639812.propagate_at_launch": "true",
                            "tag.228639812.value": "k8s-node",
                            "tag.228704704.key": "Region",
                            "tag.228704704.propagate_at_launch": "true",
                            "tag.228704704.value": "eu-central-1",
                            "tag.2529000289.key": "Pipeline_phase",
                            "tag.2529000289.propagate_at_launch": "true",
                            "tag.2529000289.value": "pipeline-jcx",
                            "tag.2719560921.key": "KubernetesCluster",
                            "tag.2719560921.propagate_at_launch": "true",
                            "tag.2719560921.value": "eu-central-1_jive-microservices-pipeline-jcx",
                            "tag.2805375662.key": "Name",
                            "tag.2805375662.propagate_at_launch": "true",
                            "tag.2805375662.value": "pipeline-jcx-k8s-worker-instance",
                            "tag.2977154211.key": "Hostname",
                            "tag.2977154211.propagate_at_launch": "true",
                            "tag.2977154211.value": "k8s-node2",
                            "tag.3767096825.key": "SLA",
                            "tag.3767096825.propagate_at_launch": "true",
                            "tag.3767096825.value": "non-prod",
                            "tag.744420302.key": "Jive_service",
                            "tag.744420302.propagate_at_launch": "true",
                            "tag.744420302.value": "eu-central-1_jive-microservices-pipeline-jcx",
                            "tag.982882763.key": "K8s_cluster",
                            "tag.982882763.propagate_at_launch": "true",
                            "tag.982882763.value": "eu-central-1_jive-microservices-pipeline-jcx",
                            "target_group_arns.#": "0",
                            "termination_policies.#": "0",
                            "vpc_zone_identifier.#": "1",
                            "vpc_zone_identifier.3993053192": "subnet-cd40b4b7",
                            "wait_for_capacity_timeout": "10m"
                        },
                        "meta": {},
                        "tainted": false
                    },
                    "deposed": [],
                    "provider": ""
                },
                "aws_ebs_volume.k8s_etcd_ebs.0": {
                    "type": "aws_ebs_volume",
                    "depends_on": [
                        "data.aws_availability_zones.available",
                        "null_resource.k8s_cluster"
                    ],
                    "primary": {
                        "id": "vol-3efdacb4",
                        "attributes": {
                            "availability_zone": "eu-central-1a",
                            "encrypted": "true",
                            "id": "vol-3efdacb4",
                            "kms_key_id": "arn:aws:kms:eu-central-1:811034720611:key/aa3fa506-22c8-45ad-ae42-407b0200443b",
                            "size": "20",
                            "snapshot_id": "",
                            "tags.%": "7",
                            "tags.Hostname": "eu-central-1_jive-microservices-pipeline-jcx-etcd1",
                            "tags.Jive_service": "eu-central-1_jive-microservices-pipeline-jcx",
                            "tags.Name": "pipeline-jcx-k8s_etcd-instance",
                            "tags.Pipeline_phase": "pipeline-jcx",
                            "tags.Region": "eu-central-1",
                            "tags.SLA": "non-prod",
                            "tags.Service_component": "etcd",
                            "type": "gp2"
                        },
                        "meta": {},
                        "tainted": false
                    },
                    "deposed": [],
                    "provider": ""
                },
                "aws_ebs_volume.k8s_etcd_ebs.1": {
                    "type": "aws_ebs_volume",
                    "depends_on": [
                        "data.aws_availability_zones.available",
                        "null_resource.k8s_cluster"
                    ],
                    "primary": {
                        "id": "vol-685d62f2",
                        "attributes": {
                            "availability_zone": "eu-central-1b",
                            "encrypted": "true",
                            "id": "vol-685d62f2",
                            "kms_key_id": "arn:aws:kms:eu-central-1:811034720611:key/aa3fa506-22c8-45ad-ae42-407b0200443b",
                            "size": "20",
                            "snapshot_id": "",
                            "tags.%": "7",
                            "tags.Hostname": "eu-central-1_jive-microservices-pipeline-jcx-etcd2",
                            "tags.Jive_service": "eu-central-1_jive-microservices-pipeline-jcx",
                            "tags.Name": "pipeline-jcx-k8s_etcd-instance",
                            "tags.Pipeline_phase": "pipeline-jcx",
                            "tags.Region": "eu-central-1",
                            "tags.SLA": "non-prod",
                            "tags.Service_component": "etcd",
                            "type": "gp2"
                        },
                        "meta": {},
                        "tainted": false
                    },
                    "deposed": [],
                    "provider": ""
                },
                "aws_ebs_volume.k8s_etcd_ebs.2": {
                    "type": "aws_ebs_volume",
                    "depends_on": [
                        "data.aws_availability_zones.available",
                        "null_resource.k8s_cluster"
                    ],
                    "primary": {
                        "id": "vol-09eb26ca5cfc0c3fa",
                        "attributes": {
                            "availability_zone": "eu-central-1a",
                            "encrypted": "true",
                            "id": "vol-09eb26ca5cfc0c3fa",
                            "kms_key_id": "arn:aws:kms:eu-central-1:811034720611:key/aa3fa506-22c8-45ad-ae42-407b0200443b",
                            "size": "20",
                            "snapshot_id": "",
                            "tags.%": "7",
                            "tags.Hostname": "eu-central-1_jive-microservices-pipeline-jcx-etcd3",
                            "tags.Jive_service": "eu-central-1_jive-microservices-pipeline-jcx",
                            "tags.Name": "pipeline-jcx-k8s_etcd-instance",
                            "tags.Pipeline_phase": "pipeline-jcx",
                            "tags.Region": "eu-central-1",
                            "tags.SLA": "non-prod",
                            "tags.Service_component": "etcd",
                            "type": "gp2"
                        },
                        "meta": {},
                        "tainted": false
                    },
                    "deposed": [],
                    "provider": ""
                },
                "aws_ebs_volume.k8s_etcd_ebs.3": {
                    "type": "aws_ebs_volume",
                    "depends_on": [
                        "data.aws_availability_zones.available",
                        "null_resource.k8s_cluster"
                    ],
                    "primary": {
                        "id": "vol-07ba3dccb9139b705",
                        "attributes": {
                            "availability_zone": "eu-central-1b",
                            "encrypted": "true",
                            "id": "vol-07ba3dccb9139b705",
                            "kms_key_id": "arn:aws:kms:eu-central-1:811034720611:key/aa3fa506-22c8-45ad-ae42-407b0200443b",
                            "size": "20",
                            "snapshot_id": "",
                            "tags.%": "7",
                            "tags.Hostname": "eu-central-1_jive-microservices-pipeline-jcx-etcd4",
                            "tags.Jive_service": "eu-central-1_jive-microservices-pipeline-jcx",
                            "tags.Name": "pipeline-jcx-k8s_etcd-instance",
                            "tags.Pipeline_phase": "pipeline-jcx",
                            "tags.Region": "eu-central-1",
                            "tags.SLA": "non-prod",
                            "tags.Service_component": "etcd",
                            "type": "gp2"
                        },
                        "meta": {},
                        "tainted": false
                    },
                    "deposed": [],
                    "provider": ""
                },
                "aws_ebs_volume.k8s_master": {
                    "type": "aws_ebs_volume",
                    "depends_on": [
                        "null_resource.k8s_cluster"
                    ],
                    "primary": {
                        "id": "vol-7bfdacf1",
                        "attributes": {
                            "availability_zone": "eu-central-1a",
                            "encrypted": "true",
                            "id": "vol-7bfdacf1",
                            "kms_key_id": "arn:aws:kms:eu-central-1:811034720611:key/aa3fa506-22c8-45ad-ae42-407b0200443b",
                            "size": "100",
                            "snapshot_id": "",
                            "tags.%": "7",
                            "tags.Hostname": "eu-central-1_jive-microservices-pipeline-jcx-master1",
                            "tags.Jive_service": "eu-central-1_jive-microservices-pipeline-jcx",
                            "tags.Name": "pipeline-jcx-k8s_master-instance",
                            "tags.Pipeline_phase": "pipeline-jcx",
                            "tags.Region": "eu-central-1",
                            "tags.SLA": "non-prod",
                            "tags.Service_component": "k8s-master",
                            "type": "gp2"
                        },
                        "meta": {},
                        "tainted": false
                    },
                    "deposed": [],
                    "provider": ""
                },
                "aws_eip.k8s_etcd_eip.0": {
                    "type": "aws_eip",
                    "depends_on": [
                        "aws_network_interface.k8s_etcd"
                    ],
                    "primary": {
                        "id": "eipalloc-25ac224c",
                        "attributes": {
                            "association_id": "eipassoc-1fbbc177",
                            "domain": "vpc",
                            "id": "eipalloc-25ac224c",
                            "instance": "i-0a293e5f486726dd2",
                            "network_interface": "eni-dc6ea5b1",
                            "private_ip": "10.126.129.18",
                            "public_ip": "52.28.32.67",
                            "vpc": "true"
                        },
                        "meta": {},
                        "tainted": false
                    },
                    "deposed": [],
                    "provider": ""
                },
                "aws_eip.k8s_etcd_eip.1": {
                    "type": "aws_eip",
                    "depends_on": [
                        "aws_network_interface.k8s_etcd"
                    ],
                    "primary": {
                        "id": "eipalloc-4fae2026",
                        "attributes": {
                            "association_id": "eipassoc-30bac058",
                            "domain": "vpc",
                            "id": "eipalloc-4fae2026",
                            "instance": "i-0b47f9b50533ab29d",
                            "network_interface": "eni-148eba68",
                            "private_ip": "10.126.133.219",
                            "public_ip": "52.57.104.242",
                            "vpc": "true"
                        },
                        "meta": {},
                        "tainted": false
                    },
                    "deposed": [],
                    "provider": ""
                },
                "aws_eip.k8s_etcd_eip.2": {
                    "type": "aws_eip",
                    "depends_on": [
                        "aws_network_interface.k8s_etcd"
                    ],
                    "primary": {
                        "id": "eipalloc-8c2567e5",
                        "attributes": {
                            "association_id": "eipassoc-02c94969",
                            "domain": "vpc",
                            "id": "eipalloc-8c2567e5",
                            "instance": "i-02a507a3f57826633",
                            "network_interface": "eni-99809df5",
                            "private_ip": "10.126.130.123",
                            "public_ip": "35.158.12.89",
                            "vpc": "true"
                        },
                        "meta": {},
                        "tainted": false
                    },
                    "deposed": [],
                    "provider": ""
                },
                "aws_eip.k8s_etcd_eip.3": {
                    "type": "aws_eip",
                    "depends_on": [
                        "aws_network_interface.k8s_etcd"
                    ],
                    "primary": {
                        "id": "eipalloc-f8256791",
                        "attributes": {
                            "association_id": "eipassoc-70c9491b",
                            "domain": "vpc",
                            "id": "eipalloc-f8256791",
                            "instance": "i-0a1352bc34b8055f6",
                            "network_interface": "eni-03e1797d",
                            "private_ip": "10.126.134.2",
                            "public_ip": "35.156.39.114",
                            "vpc": "true"
                        },
                        "meta": {},
                        "tainted": false
                    },
                    "deposed": [],
                    "provider": ""
                },
                "aws_eip.k8s_master_eip": {
                    "type": "aws_eip",
                    "depends_on": [],
                    "primary": {
                        "id": "eipalloc-82af21eb",
                        "attributes": {
                            "association_id": "eipassoc-e2cf4f89",
                            "domain": "vpc",
                            "id": "eipalloc-82af21eb",
                            "instance": "i-036dd35bb77578999",
                            "network_interface": "eni-26b3ae4a",
                            "private_ip": "10.126.130.1",
                            "public_ip": "52.57.3.43",
                            "vpc": "true"
                        },
                        "meta": {},
                        "tainted": false
                    },
                    "deposed": [],
                    "provider": ""
                },
                "aws_elb.k8s_master": {
                    "type": "aws_elb",
                    "depends_on": [
                        "aws_security_group.k8s_master_instance",
                        "null_resource.k8s_cluster"
                    ],
                    "primary": {
                        "id": "pipeline-jcx-k8s-master-elb",
                        "attributes": {
                            "access_logs.#": "0",
                            "availability_zones.#": "1",
                            "availability_zones.1126047633": "eu-central-1a",
                            "connection_draining": "false",
                            "connection_draining_timeout": "300",
                            "cross_zone_load_balancing": "true",
                            "dns_name": "internal-pipeline-jcx-k8s-master-elb-898998613.eu-central-1.elb.amazonaws.com",
                            "health_check.#": "1",
                            "health_check.0.healthy_threshold": "2",
                            "health_check.0.interval": "30",
                            "health_check.0.target": "TCP:443",
                            "health_check.0.timeout": "3",
                            "health_check.0.unhealthy_threshold": "2",
                            "id": "pipeline-jcx-k8s-master-elb",
                            "idle_timeout": "1800",
                            "instances.#": "1",
                            "instances.3804061708": "i-036dd35bb77578999",
                            "internal": "true",
                            "listener.#": "1",
                            "listener.610193557.instance_port": "443",
                            "listener.610193557.instance_protocol": "tcp",
                            "listener.610193557.lb_port": "443",
                            "listener.610193557.lb_protocol": "tcp",
                            "listener.610193557.ssl_certificate_id": "",
                            "name": "pipeline-jcx-k8s-master-elb",
                            "security_groups.#": "2",
                            "security_groups.1894958783": "sg-6417670c",
                            "security_groups.2839322512": "sg-e6ed918e",
                            "source_security_group": "811034720611/eu-central-1_jive-microservices-pipeline-jcx-master-instance",
                            "source_security_group_id": "sg-e6ed918e",
                            "subnets.#": "1",
                            "subnets.2126640816": "subnet-4732942f",
                            "tags.%": "7",
                            "tags.Hostname": "eu-central-1_jive-microservices-pipeline-jcx-master1",
                            "tags.Jive_service": "eu-central-1_jive-microservices-pipeline-jcx",
                            "tags.Name": "pipeline-jcx-k8s_master-elb",
                            "tags.Pipeline_phase": "pipeline-jcx",
                            "tags.Region": "eu-central-1",
                            "tags.SLA": "non-prod",
                            "tags.Service_component": "k8s-master",
                            "zone_id": "Z215JYRZR1TBD5"
                        },
                        "meta": {},
                        "tainted": false
                    },
                    "deposed": [],
                    "provider": ""
                },
                "aws_iam_instance_profile.k8s-master": {
                    "type": "aws_iam_instance_profile",
                    "depends_on": [
                        "aws_iam_role.k8s-master",
                        "null_resource.k8s_cluster"
                    ],
                    "primary": {
                        "id": "eu-central-1_jive-microservices-pipeline-jcx-k8s-master-profile",
                        "attributes": {
                            "arn": "arn:aws:iam::811034720611:instance-profile/eu-central-1_jive-microservices-pipeline-jcx-k8s-master-profile",
                            "id": "eu-central-1_jive-microservices-pipeline-jcx-k8s-master-profile",
                            "name": "eu-central-1_jive-microservices-pipeline-jcx-k8s-master-profile",
                            "path": "/",
                            "roles.#": "1",
                            "roles.829447749": "eu-central-1_jive-microservices-pipeline-jcx-master-role"
                        },
                        "meta": {},
                        "tainted": false
                    },
                    "deposed": [],
                    "provider": ""
                },
                "aws_iam_instance_profile.k8s-node": {
                    "type": "aws_iam_instance_profile",
                    "depends_on": [
                        "aws_iam_role.k8s-node",
                        "null_resource.k8s_cluster"
                    ],
                    "primary": {
                        "id": "eu-central-1_jive-microservices-pipeline-jcx-k8s-node-profile",
                        "attributes": {
                            "arn": "arn:aws:iam::811034720611:instance-profile/eu-central-1_jive-microservices-pipeline-jcx-k8s-node-profile",
                            "id": "eu-central-1_jive-microservices-pipeline-jcx-k8s-node-profile",
                            "name": "eu-central-1_jive-microservices-pipeline-jcx-k8s-node-profile",
                            "path": "/",
                            "roles.#": "1",
                            "roles.3712352511": "eu-central-1_jive-microservices-pipeline-jcx-node-role"
                        },
                        "meta": {},
                        "tainted": false
                    },
                    "deposed": [],
                    "provider": ""
                },
                "aws_iam_role.k8s-master": {
                    "type": "aws_iam_role",
                    "depends_on": [
                        "null_resource.k8s_cluster"
                    ],
                    "primary": {
                        "id": "eu-central-1_jive-microservices-pipeline-jcx-master-role",
                        "attributes": {
                            "arn": "arn:aws:iam::811034720611:role/eu-central-1_jive-microservices-pipeline-jcx-master-role",
                            "assume_role_policy": "{\n    \"Version\": \"2012-10-17\",\n    \"Statement\": [\n        {\n            \"Action\": \"sts:AssumeRole\",\n            \"Principal\": {\n                \"Service\": \"ec2.amazonaws.com\"\n            },\n            \"Effect\": \"Allow\",\n            \"Sid\": \"\"\n        }\n    ]\n}\n",
                            "create_date": "2016-10-11T00:01:42Z",
                            "id": "eu-central-1_jive-microservices-pipeline-jcx-master-role",
                            "name": "eu-central-1_jive-microservices-pipeline-jcx-master-role",
                            "path": "/",
                            "unique_id": "AROAIOQOCCX4XNBK6LPOK"
                        },
                        "meta": {},
                        "tainted": false
                    },
                    "deposed": [],
                    "provider": ""
                },
                "aws_iam_role.k8s-node": {
                    "type": "aws_iam_role",
                    "depends_on": [
                        "null_resource.k8s_cluster"
                    ],
                    "primary": {
                        "id": "eu-central-1_jive-microservices-pipeline-jcx-node-role",
                        "attributes": {
                            "arn": "arn:aws:iam::811034720611:role/eu-central-1_jive-microservices-pipeline-jcx-node-role",
                            "assume_role_policy": "{\n    \"Version\": \"2012-10-17\",\n    \"Statement\": [\n        {\n            \"Action\": \"sts:AssumeRole\",\n            \"Principal\": {\n                \"Service\": \"ec2.amazonaws.com\"\n            },\n            \"Effect\": \"Allow\",\n            \"Sid\": \"\"\n        }\n    ]\n}\n",
                            "create_date": "2016-10-11T00:01:42Z",
                            "id": "eu-central-1_jive-microservices-pipeline-jcx-node-role",
                            "name": "eu-central-1_jive-microservices-pipeline-jcx-node-role",
                            "path": "/",
                            "unique_id": "AROAJOJJXGEBJJRXNHM3W"
                        },
                        "meta": {},
                        "tainted": false
                    },
                    "deposed": [],
                    "provider": ""
                },
                "aws_iam_role_policy.k8s-master": {
                    "type": "aws_iam_role_policy",
                    "depends_on": [
                        "aws_iam_role.k8s-master",
                        "null_resource.k8s_cluster"
                    ],
                    "primary": {
                        "id": "eu-central-1_jive-microservices-pipeline-jcx-master-role:eu-central-1_jive-microservices-pipeline-jcx-master-policy",
                        "attributes": {
                            "id": "eu-central-1_jive-microservices-pipeline-jcx-master-role:eu-central-1_jive-microservices-pipeline-jcx-master-policy",
                            "name": "eu-central-1_jive-microservices-pipeline-jcx-master-policy",
                            "policy": "{\n    \"Version\": \"2012-10-17\",\n    \"Statement\": [\n        {\n            \"Effect\": \"Allow\",\n            \"Action\": [\"ec2:*\"],\n            \"Resource\": [\"*\"]\n        },\n        {\n            \"Effect\": \"Allow\",\n            \"Action\": [\"elasticloadbalancing:*\"],\n            \"Resource\": [\"*\"]\n        },\n        {\n            \"Effect\": \"Allow\",\n            \"Action\": [\n                \"ec2:Describe*\",\n                \"ec2:AttachVolume\",\n                \"ec2:DetachVolume\",\n                \"route53:ListHostedZones\",\n                \"route53:ListResourceRecordSets\",\n                \"rds:Describe*\",\n                \"elasticache:Describe*\",\n                \"s3:GetObject\",\n                \"s3:ListAllMyBuckets\",\n                \"s3:ListBucket\",\n                \"s3:GetBucketLocation\"\n            ],\n            \"Resource\": \"*\"\n        }\n    ]\n}\n",
                            "role": "eu-central-1_jive-microservices-pipeline-jcx-master-role"
                        },
                        "meta": {},
                        "tainted": false
                    },
                    "deposed": [],
                    "provider": ""
                },
                "aws_iam_role_policy.k8s-node": {
                    "type": "aws_iam_role_policy",
                    "depends_on": [
                        "aws_iam_role.k8s-node",
                        "null_resource.k8s_cluster"
                    ],
                    "primary": {
                        "id": "eu-central-1_jive-microservices-pipeline-jcx-node-role:eu-central-1_jive-microservices-pipeline-jcx-node-policy",
                        "attributes": {
                            "id": "eu-central-1_jive-microservices-pipeline-jcx-node-role:eu-central-1_jive-microservices-pipeline-jcx-node-policy",
                            "name": "eu-central-1_jive-microservices-pipeline-jcx-node-policy",
                            "policy": "{\n    \"Version\": \"2012-10-17\",\n    \"Statement\": [\n        {\n            \"Effect\": \"Allow\",\n            \"Action\": [\n                \"ec2:Describe*\",\n                \"ec2:AttachVolume\",\n                \"ec2:DetachVolume\",\n                \"ec2:AttachNetworkInterface\",\n                \"ec2:DetachNetworkInterface\",\n                \"route53:ListHostedZones\",\n                \"route53:ListResourceRecordSets\",\n                \"rds:Describe*\",\n                \"elasticache:Describe*\",\n                \"s3:GetObject\",\n                \"s3:ListAllMyBuckets\",\n                \"s3:ListBucket\",\n                \"s3:PutObject\",\n                \"s3:CreateBucket\",\n                \"s3:GetBucketLocation\"\n            ],\n            \"Resource\": \"*\"\n        }\n    ]\n}\n",
                            "role": "eu-central-1_jive-microservices-pipeline-jcx-node-role"
                        },
                        "meta": {},
                        "tainted": false
                    },
                    "deposed": [],
                    "provider": ""
                },
                "aws_launch_configuration.k8s_etcd": {
                    "type": "aws_launch_configuration",
                    "depends_on": [
                        "aws_iam_instance_profile.k8s-node",
                        "aws_security_group.k8s_etcd_instance",
                        "data.template_file.cloud_config"
                    ],
                    "primary": {
                        "id": "terraform-20170324213029694534916jqv",
                        "attributes": {
                            "associate_public_ip_address": "false",
                            "ebs_block_device.#": "0",
                            "ebs_optimized": "false",
                            "enable_monitoring": "true",
                            "ephemeral_block_device.#": "0",
                            "iam_instance_profile": "eu-central-1_jive-microservices-pipeline-jcx-k8s-node-profile",
                            "id": "terraform-20170324213029694534916jqv",
                            "image_id": "ami-2e39c241",
                            "instance_type": "t2.medium",
                            "key_name": "microservices-pipeline",
                            "name": "terraform-20170324213029694534916jqv",
                            "root_block_device.#": "1",
                            "root_block_device.0.delete_on_termination": "true",
                            "root_block_device.0.iops": "0",
                            "root_block_device.0.volume_size": "20",
                            "root_block_device.0.volume_type": "gp2",
                            "security_groups.#": "2",
                            "security_groups.1894958783": "sg-6417670c",
                            "security_groups.3740752470": "sg-feed9196",
                            "spot_price": "",
                            "user_data": "3b6394fc4cfc723e2e2e891c93010571381dd5a8",
                            "vpc_classic_link_id": "",
                            "vpc_classic_link_security_groups.#": "0"
                        },
                        "meta": {},
                        "tainted": false
                    },
                    "deposed": [
                        {
                            "id": "terraform-otnw5akufvavxbwgt2xt7bet4u",
                            "attributes": {
                                "associate_public_ip_address": "false",
                                "ebs_block_device.#": "0",
                                "ebs_optimized": "false",
                                "enable_monitoring": "true",
                                "ephemeral_block_device.#": "0",
                                "iam_instance_profile": "eu-central-1_jive-microservices-pipeline-jcx-k8s-node-profile",
                                "id": "terraform-otnw5akufvavxbwgt2xt7bet4u",
                                "image_id": "ami-53fb0b3c",
                                "instance_type": "t2.medium",
                                "key_name": "microservices-pipeline",
                                "name": "terraform-otnw5akufvavxbwgt2xt7bet4u",
                                "root_block_device.#": "1",
                                "root_block_device.0.delete_on_termination": "true",
                                "root_block_device.0.iops": "0",
                                "root_block_device.0.volume_size": "20",
                                "root_block_device.0.volume_type": "gp2",
                                "security_groups.#": "2",
                                "security_groups.1894958783": "sg-6417670c",
                                "security_groups.3740752470": "sg-feed9196",
                                "spot_price": "",
                                "user_data": "3b6394fc4cfc723e2e2e891c93010571381dd5a8",
                                "vpc_classic_link_id": "",
                                "vpc_classic_link_security_groups.#": "0"
                            },
                            "meta": {},
                            "tainted": false
                        }
                    ],
                    "provider": ""
                },
                "aws_launch_configuration.k8s_master": {
                    "type": "aws_launch_configuration",
                    "depends_on": [
                        "aws_iam_instance_profile.k8s-master",
                        "aws_security_group.k8s_master_instance",
                        "data.template_file.cloud_config"
                    ],
                    "primary": {
                        "id": "terraform-20170324213029705602315bgw",
                        "attributes": {
                            "associate_public_ip_address": "false",
                            "ebs_block_device.#": "0",
                            "ebs_optimized": "false",
                            "enable_monitoring": "true",
                            "ephemeral_block_device.#": "0",
                            "iam_instance_profile": "eu-central-1_jive-microservices-pipeline-jcx-k8s-master-profile",
                            "id": "terraform-20170324213029705602315bgw",
                            "image_id": "ami-2e39c241",
                            "instance_type": "m4.large",
                            "key_name": "microservices-pipeline",
                            "name": "terraform-20170324213029705602315bgw",
                            "root_block_device.#": "1",
                            "root_block_device.0.delete_on_termination": "true",
                            "root_block_device.0.iops": "0",
                            "root_block_device.0.volume_size": "100",
                            "root_block_device.0.volume_type": "gp2",
                            "security_groups.#": "2",
                            "security_groups.1894958783": "sg-6417670c",
                            "security_groups.2839322512": "sg-e6ed918e",
                            "spot_price": "",
                            "user_data": "3b6394fc4cfc723e2e2e891c93010571381dd5a8",
                            "vpc_classic_link_id": "",
                            "vpc_classic_link_security_groups.#": "0"
                        },
                        "meta": {},
                        "tainted": false
                    },
                    "deposed": [],
                    "provider": ""
                },
                "aws_launch_configuration.k8s_worker": {
                    "type": "aws_launch_configuration",
                    "depends_on": [
                        "aws_iam_instance_profile.k8s-node",
                        "aws_security_group.k8s_worker_instance",
                        "data.template_file.cloud_config"
                    ],
                    "primary": {
                        "id": "terraform-201703242130296943548673wq",
                        "attributes": {
                            "associate_public_ip_address": "false",
                            "ebs_block_device.#": "0",
                            "ebs_optimized": "false",
                            "enable_monitoring": "true",
                            "ephemeral_block_device.#": "0",
                            "iam_instance_profile": "eu-central-1_jive-microservices-pipeline-jcx-k8s-node-profile",
                            "id": "terraform-201703242130296943548673wq",
                            "image_id": "ami-2e39c241",
                            "instance_type": "m4.2xlarge",
                            "key_name": "microservices-pipeline",
                            "name": "terraform-201703242130296943548673wq",
                            "root_block_device.#": "1",
                            "root_block_device.0.delete_on_termination": "true",
                            "root_block_device.0.iops": "0",
                            "root_block_device.0.volume_size": "50",
                            "root_block_device.0.volume_type": "gp2",
                            "security_groups.#": "2",
                            "security_groups.1894958783": "sg-6417670c",
                            "security_groups.768981596": "sg-faed9192",
                            "spot_price": "",
                            "user_data": "3b6394fc4cfc723e2e2e891c93010571381dd5a8",
                            "vpc_classic_link_id": "",
                            "vpc_classic_link_security_groups.#": "0"
                        },
                        "meta": {},
                        "tainted": false
                    },
                    "deposed": [],
                    "provider": ""
                },
                "aws_network_interface.k8s_etcd.0": {
                    "type": "aws_network_interface",
                    "depends_on": [
                        "aws_security_group.k8s_etcd_instance",
                        "data.aws_subnet.natdc",
                        "null_resource.k8s_cluster"
                    ],
                    "primary": {
                        "id": "eni-dc6ea5b1",
                        "attributes": {
                            "attachment.#": "1",
                            "attachment.2334364550.attachment_id": "eni-attach-4b3ea525",
                            "attachment.2334364550.device_index": "1",
                            "attachment.2334364550.instance": "i-0a293e5f486726dd2",
                            "description": "",
                            "id": "eni-dc6ea5b1",
                            "private_ips.#": "1",
                            "private_ips.199665047": "10.126.129.18",
                            "security_groups.#": "2",
                            "security_groups.1894958783": "sg-6417670c",
                            "security_groups.3740752470": "sg-feed9196",
                            "source_dest_check": "true",
                            "subnet_id": "subnet-4732942f",
                            "tags.%": "8",
                            "tags.Hostname": "eu-central-1_jive-microservices-pipeline-jcx-etcd1",
                            "tags.Jive_service": "eu-central-1_jive-microservices-pipeline-jcx",
                            "tags.KubernetesCluster": "eu-central-1_jive-microservices-pipeline-jcx",
                            "tags.Name": "pipeline-jcx-k8s-etcd-instance",
                            "tags.Pipeline_phase": "pipeline-jcx",
                            "tags.Region": "eu-central-1",
                            "tags.SLA": "non-prod",
                            "tags.Service_component": "k8s-etcd"
                        },
                        "meta": {},
                        "tainted": false
                    },
                    "deposed": [],
                    "provider": ""
                },
                "aws_network_interface.k8s_etcd.1": {
                    "type": "aws_network_interface",
                    "depends_on": [
                        "aws_security_group.k8s_etcd_instance",
                        "data.aws_subnet.natdc",
                        "null_resource.k8s_cluster"
                    ],
                    "primary": {
                        "id": "eni-148eba68",
                        "attributes": {
                            "attachment.#": "1",
                            "attachment.1670469157.attachment_id": "eni-attach-35ca1355",
                            "attachment.1670469157.device_index": "1",
                            "attachment.1670469157.instance": "i-0b47f9b50533ab29d",
                            "description": "",
                            "id": "eni-148eba68",
                            "private_ips.#": "1",
                            "private_ips.2970569171": "10.126.133.219",
                            "security_groups.#": "2",
                            "security_groups.1894958783": "sg-6417670c",
                            "security_groups.3740752470": "sg-feed9196",
                            "source_dest_check": "true",
                            "subnet_id": "subnet-cd40b4b7",
                            "tags.%": "8",
                            "tags.Hostname": "eu-central-1_jive-microservices-pipeline-jcx-etcd2",
                            "tags.Jive_service": "eu-central-1_jive-microservices-pipeline-jcx",
                            "tags.KubernetesCluster": "eu-central-1_jive-microservices-pipeline-jcx",
                            "tags.Name": "pipeline-jcx-k8s-etcd-instance",
                            "tags.Pipeline_phase": "pipeline-jcx",
                            "tags.Region": "eu-central-1",
                            "tags.SLA": "non-prod",
                            "tags.Service_component": "k8s-etcd"
                        },
                        "meta": {},
                        "tainted": false
                    },
                    "deposed": [],
                    "provider": ""
                },
                "aws_network_interface.k8s_etcd.2": {
                    "type": "aws_network_interface",
                    "depends_on": [
                        "aws_security_group.k8s_etcd_instance",
                        "data.aws_subnet.natdc",
                        "null_resource.k8s_cluster"
                    ],
                    "primary": {
                        "id": "eni-99809df5",
                        "attributes": {
                            "attachment.#": "1",
                            "attachment.3762064074.attachment_id": "eni-attach-f50e959b",
                            "attachment.3762064074.device_index": "1",
                            "attachment.3762064074.instance": "i-02a507a3f57826633",
                            "description": "",
                            "id": "eni-99809df5",
                            "private_ips.#": "1",
                            "private_ips.1058092935": "10.126.130.123",
                            "security_groups.#": "2",
                            "security_groups.1894958783": "sg-6417670c",
                            "security_groups.3740752470": "sg-feed9196",
                            "source_dest_check": "true",
                            "subnet_id": "subnet-4732942f",
                            "tags.%": "8",
                            "tags.Hostname": "eu-central-1_jive-microservices-pipeline-jcx-etcd3",
                            "tags.Jive_service": "eu-central-1_jive-microservices-pipeline-jcx",
                            "tags.KubernetesCluster": "eu-central-1_jive-microservices-pipeline-jcx",
                            "tags.Name": "pipeline-jcx-k8s-etcd-instance",
                            "tags.Pipeline_phase": "pipeline-jcx",
                            "tags.Region": "eu-central-1",
                            "tags.SLA": "non-prod",
                            "tags.Service_component": "k8s-etcd"
                        },
                        "meta": {},
                        "tainted": false
                    },
                    "deposed": [],
                    "provider": ""
                },
                "aws_network_interface.k8s_etcd.3": {
                    "type": "aws_network_interface",
                    "depends_on": [
                        "aws_security_group.k8s_etcd_instance",
                        "data.aws_subnet.natdc",
                        "null_resource.k8s_cluster"
                    ],
                    "primary": {
                        "id": "eni-03e1797d",
                        "attributes": {
                            "attachment.#": "1",
                            "attachment.437276945.attachment_id": "eni-attach-14d00974",
                            "attachment.437276945.device_index": "1",
                            "attachment.437276945.instance": "i-0a1352bc34b8055f6",
                            "description": "",
                            "id": "eni-03e1797d",
                            "private_ips.#": "1",
                            "private_ips.461202269": "10.126.134.2",
                            "security_groups.#": "2",
                            "security_groups.1894958783": "sg-6417670c",
                            "security_groups.3740752470": "sg-feed9196",
                            "source_dest_check": "true",
                            "subnet_id": "subnet-cd40b4b7",
                            "tags.%": "8",
                            "tags.Hostname": "eu-central-1_jive-microservices-pipeline-jcx-etcd4",
                            "tags.Jive_service": "eu-central-1_jive-microservices-pipeline-jcx",
                            "tags.KubernetesCluster": "eu-central-1_jive-microservices-pipeline-jcx",
                            "tags.Name": "pipeline-jcx-k8s-etcd-instance",
                            "tags.Pipeline_phase": "pipeline-jcx",
                            "tags.Region": "eu-central-1",
                            "tags.SLA": "non-prod",
                            "tags.Service_component": "k8s-etcd"
                        },
                        "meta": {},
                        "tainted": false
                    },
                    "deposed": [],
                    "provider": ""
                },
                "aws_security_group.k8s_etcd_instance": {
                    "type": "aws_security_group",
                    "depends_on": [
                        "aws_security_group.k8s_master_instance",
                        "aws_security_group.k8s_worker_instance",
                        "null_resource.k8s_cluster"
                    ],
                    "primary": {
                        "id": "sg-feed9196",
                        "attributes": {
                            "description": "Access to K8S etcd nodes",
                            "egress.#": "0",
                            "id": "sg-feed9196",
                            "ingress.#": "2",
                            "ingress.2447386052.cidr_blocks.#": "0",
                            "ingress.2447386052.from_port": "2379",
                            "ingress.2447386052.protocol": "tcp",
                            "ingress.2447386052.security_groups.#": "2",
                            "ingress.2447386052.security_groups.2839322512": "sg-e6ed918e",
                            "ingress.2447386052.security_groups.768981596": "sg-faed9192",
                            "ingress.2447386052.self": "true",
                            "ingress.2447386052.to_port": "2379",
                            "ingress.3046209374.cidr_blocks.#": "0",
                            "ingress.3046209374.from_port": "2380",
                            "ingress.3046209374.protocol": "tcp",
                            "ingress.3046209374.security_groups.#": "2",
                            "ingress.3046209374.security_groups.2839322512": "sg-e6ed918e",
                            "ingress.3046209374.security_groups.768981596": "sg-faed9192",
                            "ingress.3046209374.self": "true",
                            "ingress.3046209374.to_port": "2380",
                            "name": "eu-central-1_jive-microservices-pipeline-jcx-kubernetes-etcd-instance",
                            "owner_id": "811034720611",
                            "tags.%": "6",
                            "tags.Name": "eu-central-1_jive-microservices-pipeline-jcx-etcd-instance",
                            "tags.jive_service": "pipeline-jcx",
                            "tags.pipeline_phase": "pipeline-jcx",
                            "tags.region": "eu-central-1",
                            "tags.service_component": "k8s-etcd",
                            "tags.sla": "non-prod",
                            "vpc_id": "vpc-7bd53813"
                        },
                        "meta": {},
                        "tainted": false
                    },
                    "deposed": [],
                    "provider": ""
                },
                "aws_security_group.k8s_master_instance": {
                    "type": "aws_security_group",
                    "depends_on": [
                        "null_resource.k8s_cluster"
                    ],
                    "primary": {
                        "id": "sg-e6ed918e",
                        "attributes": {
                            "description": "Access to K8S Master nodes",
                            "egress.#": "0",
                            "id": "sg-e6ed918e",
                            "ingress.#": "3",
                            "ingress.2885713073.cidr_blocks.#": "1",
                            "ingress.2885713073.cidr_blocks.0": "10.0.0.0/8",
                            "ingress.2885713073.from_port": "8080",
                            "ingress.2885713073.protocol": "tcp",
                            "ingress.2885713073.security_groups.#": "0",
                            "ingress.2885713073.self": "true",
                            "ingress.2885713073.to_port": "8080",
                            "ingress.3947195297.cidr_blocks.#": "0",
                            "ingress.3947195297.from_port": "0",
                            "ingress.3947195297.protocol": "-1",
                            "ingress.3947195297.security_groups.#": "1",
                            "ingress.3947195297.security_groups.768981596": "sg-faed9192",
                            "ingress.3947195297.self": "false",
                            "ingress.3947195297.to_port": "0",
                            "ingress.691539513.cidr_blocks.#": "1",
                            "ingress.691539513.cidr_blocks.0": "10.0.0.0/8",
                            "ingress.691539513.from_port": "443",
                            "ingress.691539513.protocol": "tcp",
                            "ingress.691539513.security_groups.#": "0",
                            "ingress.691539513.self": "true",
                            "ingress.691539513.to_port": "443",
                            "name": "eu-central-1_jive-microservices-pipeline-jcx-master-instance",
                            "owner_id": "811034720611",
                            "tags.%": "6",
                            "tags.Name": "eu-central-1_jive-microservices-pipeline-jcx-master-instance",
                            "tags.jive_service": "pipeline-jcx",
                            "tags.pipeline_phase": "pipeline-jcx",
                            "tags.region": "eu-central-1",
                            "tags.service_component": "k8s-master",
                            "tags.sla": "non-prod",
                            "vpc_id": "vpc-7bd53813"
                        },
                        "meta": {},
                        "tainted": false
                    },
                    "deposed": [],
                    "provider": ""
                },
                "aws_security_group.k8s_worker_instance": {
                    "type": "aws_security_group",
                    "depends_on": [
                        "aws_security_group.k8s_master_instance",
                        "null_resource.k8s_cluster"
                    ],
                    "primary": {
                        "id": "sg-faed9192",
                        "attributes": {
                            "description": "Allow traffic to K8S worker nodes",
                            "egress.#": "0",
                            "id": "sg-faed9192",
                            "ingress.#": "3",
                            "ingress.2822664995.cidr_blocks.#": "1",
                            "ingress.2822664995.cidr_blocks.0": "10.0.0.0/8",
                            "ingress.2822664995.from_port": "30001",
                            "ingress.2822664995.protocol": "tcp",
                            "ingress.2822664995.security_groups.#": "0",
                            "ingress.2822664995.self": "false",
                            "ingress.2822664995.to_port": "32767",
                            "ingress.3409553927.cidr_blocks.#": "1",
                            "ingress.3409553927.cidr_blocks.0": "10.0.0.0/8",
                            "ingress.3409553927.from_port": "30000",
                            "ingress.3409553927.protocol": "tcp",
                            "ingress.3409553927.security_groups.#": "0",
                            "ingress.3409553927.self": "false",
                            "ingress.3409553927.to_port": "32767",
                            "ingress.3745110990.cidr_blocks.#": "0",
                            "ingress.3745110990.from_port": "0",
                            "ingress.3745110990.protocol": "-1",
                            "ingress.3745110990.security_groups.#": "1",
                            "ingress.3745110990.security_groups.2839322512": "sg-e6ed918e",
                            "ingress.3745110990.self": "true",
                            "ingress.3745110990.to_port": "0",
                            "name": "eu-central-1_jive-microservices-pipeline-jcx-worker-instance",
                            "owner_id": "811034720611",
                            "tags.%": "7",
                            "tags.KubernetesCluster": "eu-central-1_jive-microservices-pipeline-jcx",
                            "tags.Name": "eu-central-1_jive-microservices-pipeline-jcx-worker-instance",
                            "tags.jive_service": "pipeline-jcx",
                            "tags.pipeline_phase": "pipeline-jcx",
                            "tags.region": "eu-central-1",
                            "tags.service_component": "k8s-worker",
                            "tags.sla": "non-prod",
                            "vpc_id": "vpc-7bd53813"
                        },
                        "meta": {},
                        "tainted": false
                    },
                    "deposed": [],
                    "provider": ""
                },
                "aws_security_group_rule.k8s_master_instance": {
                    "type": "aws_security_group_rule",
                    "depends_on": [
                        "aws_security_group.k8s_master_instance",
                        "aws_security_group.k8s_worker_instance"
                    ],
                    "primary": {
                        "id": "sgrule-1263532416",
                        "attributes": {
                            "cidr_blocks.#": "0",
                            "from_port": "0",
                            "id": "sgrule-1263532416",
                            "prefix_list_ids.#": "0",
                            "protocol": "-1",
                            "security_group_id": "sg-e6ed918e",
                            "self": "false",
                            "source_security_group_id": "sg-faed9192",
                            "to_port": "0",
                            "type": "ingress"
                        },
                        "meta": {
                            "schema_version": "2"
                        },
                        "tainted": false
                    },
                    "deposed": [],
                    "provider": ""
                },
                "aws_security_group_rule.k8s_worker_instance": {
                    "type": "aws_security_group_rule",
                    "depends_on": [
                        "aws_security_group.k8s_worker_instance"
                    ],
                    "primary": {
                        "id": "sgrule-3393416046",
                        "attributes": {
                            "cidr_blocks.#": "1",
                            "cidr_blocks.0": "10.0.0.0/8",
                            "from_port": "30000",
                            "id": "sgrule-3393416046",
                            "prefix_list_ids.#": "0",
                            "protocol": "tcp",
                            "security_group_id": "sg-faed9192",
                            "self": "false",
                            "to_port": "32767",
                            "type": "ingress"
                        },
                        "meta": {
                            "schema_version": "2"
                        },
                        "tainted": false
                    },
                    "deposed": [],
                    "provider": ""
                },
                "data.aws_availability_zones.available": {
                    "type": "aws_availability_zones",
                    "depends_on": [],
                    "primary": {
                        "id": "2017-03-24 22:38:33.654075411 +0000 UTC",
                        "attributes": {
                            "id": "2017-03-24 22:38:33.654075411 +0000 UTC",
                            "names.#": "2",
                            "names.0": "eu-central-1a",
                            "names.1": "eu-central-1b"
                        },
                        "meta": {},
                        "tainted": false
                    },
                    "deposed": [],
                    "provider": ""
                },
                "data.aws_subnet.natdc.0": {
                    "type": "aws_subnet",
                    "depends_on": [
                        "data.aws_availability_zones.available"
                    ],
                    "primary": {
                        "id": "subnet-4732942f",
                        "attributes": {
                            "availability_zone": "eu-central-1a",
                            "cidr_block": "10.126.128.0/22",
                            "default_for_az": "false",
                            "id": "subnet-4732942f",
                            "state": "available",
                            "tags.%": "7",
                            "tags.KubernetesCluster": "eu-central-1_jive-microservices-pipeline-jcx",
                            "tags.Name": "pipeline-jcx-natdc-subnet",
                            "tags.account_name": "jive-microservices-pipeline",
                            "tags.kubernetes.io/role/internal-elb": "eu-central-1_jive-microservices-pipeline-jcx",
                            "tags.pipeline_phase": "pipeline-jcx",
                            "tags.region": "eu-central-1",
                            "tags.sla": "non-prod",
                            "vpc_id": "vpc-7bd53813"
                        },
                        "meta": {},
                        "tainted": false
                    },
                    "deposed": [],
                    "provider": ""
                },
                "data.aws_subnet.natdc.1": {
                    "type": "aws_subnet",
                    "depends_on": [
                        "data.aws_availability_zones.available"
                    ],
                    "primary": {
                        "id": "subnet-cd40b4b7",
                        "attributes": {
                            "availability_zone": "eu-central-1b",
                            "cidr_block": "10.126.132.0/22",
                            "default_for_az": "false",
                            "id": "subnet-cd40b4b7",
                            "state": "available",
                            "tags.%": "7",
                            "tags.KubernetesCluster": "eu-central-1_jive-microservices-pipeline-jcx",
                            "tags.Name": "pipeline-jcx-natdc-subnet",
                            "tags.account_name": "jive-microservices-pipeline",
                            "tags.kubernetes.io/role/internal-elb": "eu-central-1_jive-microservices-pipeline-jcx",
                            "tags.pipeline_phase": "pipeline-jcx",
                            "tags.region": "eu-central-1",
                            "tags.sla": "non-prod",
                            "vpc_id": "vpc-7bd53813"
                        },
                        "meta": {},
                        "tainted": false
                    },
                    "deposed": [],
                    "provider": ""
                },
                "data.aws_subnet.natdc.2": {
                    "type": "aws_subnet",
                    "depends_on": [
                        "data.aws_availability_zones.available"
                    ],
                    "primary": {
                        "id": "subnet-4732942f",
                        "attributes": {
                            "availability_zone": "eu-central-1a",
                            "cidr_block": "10.126.128.0/22",
                            "default_for_az": "false",
                            "id": "subnet-4732942f",
                            "state": "available",
                            "tags.%": "7",
                            "tags.KubernetesCluster": "eu-central-1_jive-microservices-pipeline-jcx",
                            "tags.Name": "pipeline-jcx-natdc-subnet",
                            "tags.account_name": "jive-microservices-pipeline",
                            "tags.kubernetes.io/role/internal-elb": "eu-central-1_jive-microservices-pipeline-jcx",
                            "tags.pipeline_phase": "pipeline-jcx",
                            "tags.region": "eu-central-1",
                            "tags.sla": "non-prod",
                            "vpc_id": "vpc-7bd53813"
                        },
                        "meta": {},
                        "tainted": false
                    },
                    "deposed": [],
                    "provider": ""
                },
                "data.aws_subnet.natdc.3": {
                    "type": "aws_subnet",
                    "depends_on": [
                        "data.aws_availability_zones.available"
                    ],
                    "primary": {
                        "id": "subnet-cd40b4b7",
                        "attributes": {
                            "availability_zone": "eu-central-1b",
                            "cidr_block": "10.126.132.0/22",
                            "default_for_az": "false",
                            "id": "subnet-cd40b4b7",
                            "state": "available",
                            "tags.%": "7",
                            "tags.KubernetesCluster": "eu-central-1_jive-microservices-pipeline-jcx",
                            "tags.Name": "pipeline-jcx-natdc-subnet",
                            "tags.account_name": "jive-microservices-pipeline",
                            "tags.kubernetes.io/role/internal-elb": "eu-central-1_jive-microservices-pipeline-jcx",
                            "tags.pipeline_phase": "pipeline-jcx",
                            "tags.region": "eu-central-1",
                            "tags.sla": "non-prod",
                            "vpc_id": "vpc-7bd53813"
                        },
                        "meta": {},
                        "tainted": false
                    },
                    "deposed": [],
                    "provider": ""
                },
                "data.template_file.cloud_config": {
                    "type": "template_file",
                    "depends_on": [
                        "aws_eip.k8s_master_eip",
                        "aws_elb.k8s_master",
                        "null_resource.k8s_cluster"
                    ],
                    "primary": {
                        "id": "c13278c29b8a890d80da8151e56ceee1d3a29c3b1aa7faafd176abbfb07e1584",
                        "attributes": {
                            "id": "c13278c29b8a890d80da8151e56ceee1d3a29c3b1aa7faafd176abbfb07e1584",
                            "rendered": "#cloud-config\ncoreos:\n  units:\n    - name: bootstrap.service\n      command: start\n      content: |\n        [Unit]\n        Requires=early-docker.service\n        After=early-docker.service\n        Description=Bootstraps the node\n        [Service]\n        Environment=\"DOCKER_HOST=unix:///var/run/early-docker.sock\"\n        Type=oneshot\n        RemainAfterExit=yes\n        ExecStart=/root/bootstrap.sh\n    - name: settimezone.service\n      command: start\n      content: |\n        [Unit]\n        Description=Set the timezone\n        [Service]\n        ExecStart=/usr/bin/timedatectl set-timezone UTC\n        RemainAfterExit=yes\n        Type=oneshot\n  update:\n    reboot-strategy: off\nssh_authorized_keys:\n  - ssh-rsa AAAAB3NzaC1yc2EAAAADAQABAAABAQDdUn7MngzRWLusJ+9S2MSibbJjkxV0fa5D6fUKJnGuYHxgL3vpMi+TLWRUIFv9tmBIxard8nS4/mNu6P0ENm5LmkAYPJngEMbCoQmpk89tbQIrlZrhr5FffP3fJfxzahEtYjEtNuBQuuMwrXN3hvuehVGWEu1lFG6WLYnejL0au2L4CJhCoV2g+b/uqTjsFVHhbGWvuazYL9SJmH2mWqEnbj2tj7goemU88bycisrMIvpKVWhu02KM2FUHgPwtoENi909LTpiD/y+3FzBwa7cpMNjmTmrzPbJTZ7gNNzSpPWHtCejE/B06+7lxSzbeRQP6q1Xb++bcVWODvh6qCb4b\nwrite_files:\n  - path: /root/bootstrap.sh\n    permissions: 0755\n    content: |\n      #!/usr/bin/bash\n      #\n      if [ -f /etc/coreos/update.conf ] ; then\n        rm  /etc/coreos/update.conf\n      fi\n\n      ARTIFACT_BOOTSTRAP_PREFIX=ansible-coreos-bootstrap\n      ARTIFACT_PREFIX=ansible-coreos\n      SERVER=10.160.70.25\n      ARTIFACT_PATH=orphans/ansible-coreos\n\n      # $KubernetesCluster is passed from terraform\n      ansible_build_artifact=\"${ARTIFACT_PREFIX}-eu-central-1_jive-microservices-pipeline-jcx\"\n\n      curl -s -o /var/tmp/${ARTIFACT_PREFIX}.tar.gz  http://${SERVER}/${ARTIFACT_PATH}/${ansible_build_artifact}.tar.gz\n      tar -xzf /var/tmp/${ARTIFACT_PREFIX}.tar.gz -C /srv\n\n      chmod +x /srv/ansible-coreos/inventory_ec2/ec2.py\n      bash -vx /srv/ansible-coreos/bin/run-ansible-container.sh\n\n      exit 0\nwrite_files:\n  - path: /etc/hosts\n    permissions: 0644\n    content: |\n      10.160.4.127 docker.phx1.jivehosted.com\n      10.160.70.25 pulp-slave\n# MASTER_EIP_ALLOC and ELB_NAME are passed from Terraform\n#MASTER_EIP_ALLOC:eipalloc-82af21eb\n#ELB_NAME:pipeline-jcx-k8s-master-elb\n",
                            "template": "#cloud-config\ncoreos:\n  units:\n    - name: bootstrap.service\n      command: start\n      content: |\n        [Unit]\n        Requires=early-docker.service\n        After=early-docker.service\n        Description=Bootstraps the node\n        [Service]\n        Environment=\"DOCKER_HOST=unix:///var/run/early-docker.sock\"\n        Type=oneshot\n        RemainAfterExit=yes\n        ExecStart=/root/bootstrap.sh\n    - name: settimezone.service\n      command: start\n      content: |\n        [Unit]\n        Description=Set the timezone\n        [Service]\n        ExecStart=/usr/bin/timedatectl set-timezone UTC\n        RemainAfterExit=yes\n        Type=oneshot\n  update:\n    reboot-strategy: off\nssh_authorized_keys:\n  - ssh-rsa AAAAB3NzaC1yc2EAAAADAQABAAABAQDdUn7MngzRWLusJ+9S2MSibbJjkxV0fa5D6fUKJnGuYHxgL3vpMi+TLWRUIFv9tmBIxard8nS4/mNu6P0ENm5LmkAYPJngEMbCoQmpk89tbQIrlZrhr5FffP3fJfxzahEtYjEtNuBQuuMwrXN3hvuehVGWEu1lFG6WLYnejL0au2L4CJhCoV2g+b/uqTjsFVHhbGWvuazYL9SJmH2mWqEnbj2tj7goemU88bycisrMIvpKVWhu02KM2FUHgPwtoENi909LTpiD/y+3FzBwa7cpMNjmTmrzPbJTZ7gNNzSpPWHtCejE/B06+7lxSzbeRQP6q1Xb++bcVWODvh6qCb4b\nwrite_files:\n  - path: /root/bootstrap.sh\n    permissions: 0755\n    content: |\n      #!/usr/bin/bash\n      #\n      if [ -f /etc/coreos/update.conf ] ; then\n        rm  /etc/coreos/update.conf\n      fi\n\n      ARTIFACT_BOOTSTRAP_PREFIX=ansible-coreos-bootstrap\n      ARTIFACT_PREFIX=ansible-coreos\n      SERVER=10.160.70.25\n      ARTIFACT_PATH=orphans/ansible-coreos\n\n      # $KubernetesCluster is passed from terraform\n      ansible_build_artifact=\"$${ARTIFACT_PREFIX}-${KubernetesCluster}\"\n\n      curl -s -o /var/tmp/$${ARTIFACT_PREFIX}.tar.gz  http://$${SERVER}/$${ARTIFACT_PATH}/$${ansible_build_artifact}.tar.gz\n      tar -xzf /var/tmp/$${ARTIFACT_PREFIX}.tar.gz -C /srv\n\n      chmod +x /srv/ansible-coreos/inventory_ec2/ec2.py\n      bash -vx /srv/ansible-coreos/bin/run-ansible-container.sh\n\n      exit 0\nwrite_files:\n  - path: /etc/hosts\n    permissions: 0644\n    content: |\n      10.160.4.127 docker.phx1.jivehosted.com\n      10.160.70.25 pulp-slave\n# MASTER_EIP_ALLOC and ELB_NAME are passed from Terraform\n#MASTER_EIP_ALLOC:${MASTER_EIP_ALLOC}\n#ELB_NAME:${ELB_NAME}\n",
                            "vars.%": "3",
                            "vars.ELB_NAME": "pipeline-jcx-k8s-master-elb",
                            "vars.KubernetesCluster": "eu-central-1_jive-microservices-pipeline-jcx",
                            "vars.MASTER_EIP_ALLOC": "eipalloc-82af21eb"
                        },
                        "meta": {},
                        "tainted": false
                    },
                    "deposed": [],
                    "provider": ""
                },
                "null_resource.k8s_cluster": {
                    "type": "null_resource",
                    "depends_on": [],
                    "primary": {
                        "id": "4752593100189741538",
                        "attributes": {
                            "id": "4752593100189741538",
                            "triggers.%": "1",
                            "triggers.name": "eu-central-1_jive-microservices-pipeline-jcx"
                        },
                        "meta": {},
                        "tainted": false
                    },
                    "deposed": [],
                    "provider": ""
                }
            },
            "depends_on": []
        }
    ]
}
