{
    "version": 3,
    "terraform_version": "0.7.13",
    "serial": 4,
    "lineage": "929b74dd-5138-4b2e-80d4-5255a8ed9cbb",
    "modules": [
        {
            "path": [
                "root"
            ],
            "outputs": {},
            "resources": {
                "aws_ebs_volume.upena_wal_i1_v0": {
                    "type": "aws_ebs_volume",
                    "depends_on": [],
                    "primary": {
                        "id": "vol-0c26398b10f28eca7",
                        "attributes": {
                            "availability_zone": "us-west-2a",
                            "encrypted": "true",
                            "id": "vol-0c26398b10f28eca7",
                            "kms_key_id": "arn:aws:kms:us-west-2:870846026232:key/1ac4e3ea-b4c1-44b7-af4d-79aeb740a0c4",
                            "size": "500",
                            "snapshot_id": "",
                            "tags.%": "7",
                            "tags.Account_name": "jive-reco-prod",
                            "tags.Jive_service": "upena",
                            "tags.Name": "prod-upena-wal-i1-v0",
                            "tags.Pipeline_phase": "prod",
                            "tags.Region": "us-west-2",
                            "tags.SLA": "prod",
                            "tags.Service_component": "upena-wal",
                            "type": "st1"
                        },
                        "meta": {},
                        "tainted": false
                    },
                    "deposed": [],
                    "provider": ""
                },
                "aws_ebs_volume.upena_wal_i1_v1": {
                    "type": "aws_ebs_volume",
                    "depends_on": [],
                    "primary": {
                        "id": "vol-01df4c35275474b39",
                        "attributes": {
                            "availability_zone": "us-west-2a",
                            "encrypted": "true",
                            "id": "vol-01df4c35275474b39",
                            "kms_key_id": "arn:aws:kms:us-west-2:870846026232:key/1ac4e3ea-b4c1-44b7-af4d-79aeb740a0c4",
                            "size": "2000",
                            "snapshot_id": "",
                            "tags.%": "7",
                            "tags.Account_name": "jive-reco-prod",
                            "tags.Jive_service": "upena",
                            "tags.Name": "prod-upena-wal-i1-v1",
                            "tags.Pipeline_phase": "prod",
                            "tags.Region": "us-west-2",
                            "tags.SLA": "prod",
                            "tags.Service_component": "upena-wal",
                            "type": "st1"
                        },
                        "meta": {},
                        "tainted": false
                    },
                    "deposed": [],
                    "provider": ""
                },
                "aws_ebs_volume.upena_wal_i1_v2": {
                    "type": "aws_ebs_volume",
                    "depends_on": [],
                    "primary": {
                        "id": "vol-0533183f10daec613",
                        "attributes": {
                            "availability_zone": "us-west-2a",
                            "encrypted": "true",
                            "id": "vol-0533183f10daec613",
                            "kms_key_id": "arn:aws:kms:us-west-2:870846026232:key/1ac4e3ea-b4c1-44b7-af4d-79aeb740a0c4",
                            "size": "2000",
                            "snapshot_id": "",
                            "tags.%": "7",
                            "tags.Account_name": "jive-reco-prod",
                            "tags.Jive_service": "upena",
                            "tags.Name": "prod-upena-wal-i1-v2",
                            "tags.Pipeline_phase": "prod",
                            "tags.Region": "us-west-2",
                            "tags.SLA": "prod",
                            "tags.Service_component": "upena-wal",
                            "type": "st1"
                        },
                        "meta": {},
                        "tainted": false
                    },
                    "deposed": [],
                    "provider": ""
                },
                "aws_ebs_volume.upena_wal_i1_v3": {
                    "type": "aws_ebs_volume",
                    "depends_on": [],
                    "primary": {
                        "id": "vol-06c76f8ba7325f9bb",
                        "attributes": {
                            "availability_zone": "us-west-2a",
                            "encrypted": "true",
                            "id": "vol-06c76f8ba7325f9bb",
                            "kms_key_id": "arn:aws:kms:us-west-2:870846026232:key/1ac4e3ea-b4c1-44b7-af4d-79aeb740a0c4",
                            "size": "2000",
                            "snapshot_id": "",
                            "tags.%": "7",
                            "tags.Account_name": "jive-reco-prod",
                            "tags.Jive_service": "upena",
                            "tags.Name": "prod-upena-wal-i1-v3",
                            "tags.Pipeline_phase": "prod",
                            "tags.Region": "us-west-2",
                            "tags.SLA": "prod",
                            "tags.Service_component": "upena-wal",
                            "type": "st1"
                        },
                        "meta": {},
                        "tainted": false
                    },
                    "deposed": [],
                    "provider": ""
                },
                "aws_ebs_volume.upena_wal_i2_v0": {
                    "type": "aws_ebs_volume",
                    "depends_on": [],
                    "primary": {
                        "id": "vol-05203ee940dd629e3",
                        "attributes": {
                            "availability_zone": "us-west-2b",
                            "encrypted": "true",
                            "id": "vol-05203ee940dd629e3",
                            "kms_key_id": "arn:aws:kms:us-west-2:870846026232:key/1ac4e3ea-b4c1-44b7-af4d-79aeb740a0c4",
                            "size": "500",
                            "snapshot_id": "",
                            "tags.%": "7",
                            "tags.Account_name": "jive-reco-prod",
                            "tags.Jive_service": "upena",
                            "tags.Name": "prod-upena-wal-i2-v0",
                            "tags.Pipeline_phase": "prod",
                            "tags.Region": "us-west-2",
                            "tags.SLA": "prod",
                            "tags.Service_component": "upena-wal",
                            "type": "st1"
                        },
                        "meta": {},
                        "tainted": false
                    },
                    "deposed": [],
                    "provider": ""
                },
                "aws_ebs_volume.upena_wal_i2_v1": {
                    "type": "aws_ebs_volume",
                    "depends_on": [],
                    "primary": {
                        "id": "vol-0c12159385aa7a106",
                        "attributes": {
                            "availability_zone": "us-west-2b",
                            "encrypted": "true",
                            "id": "vol-0c12159385aa7a106",
                            "kms_key_id": "arn:aws:kms:us-west-2:870846026232:key/1ac4e3ea-b4c1-44b7-af4d-79aeb740a0c4",
                            "size": "2000",
                            "snapshot_id": "",
                            "tags.%": "7",
                            "tags.Account_name": "jive-reco-prod",
                            "tags.Jive_service": "upena",
                            "tags.Name": "prod-upena-wal-i2-v1",
                            "tags.Pipeline_phase": "prod",
                            "tags.Region": "us-west-2",
                            "tags.SLA": "prod",
                            "tags.Service_component": "upena-wal",
                            "type": "st1"
                        },
                        "meta": {},
                        "tainted": false
                    },
                    "deposed": [],
                    "provider": ""
                },
                "aws_ebs_volume.upena_wal_i2_v2": {
                    "type": "aws_ebs_volume",
                    "depends_on": [],
                    "primary": {
                        "id": "vol-0412a17231ca6d11d",
                        "attributes": {
                            "availability_zone": "us-west-2b",
                            "encrypted": "true",
                            "id": "vol-0412a17231ca6d11d",
                            "kms_key_id": "arn:aws:kms:us-west-2:870846026232:key/1ac4e3ea-b4c1-44b7-af4d-79aeb740a0c4",
                            "size": "2000",
                            "snapshot_id": "",
                            "tags.%": "7",
                            "tags.Account_name": "jive-reco-prod",
                            "tags.Jive_service": "upena",
                            "tags.Name": "prod-upena-wal-i2-v2",
                            "tags.Pipeline_phase": "prod",
                            "tags.Region": "us-west-2",
                            "tags.SLA": "prod",
                            "tags.Service_component": "upena-wal",
                            "type": "st1"
                        },
                        "meta": {},
                        "tainted": false
                    },
                    "deposed": [],
                    "provider": ""
                },
                "aws_ebs_volume.upena_wal_i2_v3": {
                    "type": "aws_ebs_volume",
                    "depends_on": [],
                    "primary": {
                        "id": "vol-023d876fc1cf83596",
                        "attributes": {
                            "availability_zone": "us-west-2b",
                            "encrypted": "true",
                            "id": "vol-023d876fc1cf83596",
                            "kms_key_id": "arn:aws:kms:us-west-2:870846026232:key/1ac4e3ea-b4c1-44b7-af4d-79aeb740a0c4",
                            "size": "2000",
                            "snapshot_id": "",
                            "tags.%": "7",
                            "tags.Account_name": "jive-reco-prod",
                            "tags.Jive_service": "upena",
                            "tags.Name": "prod-upena-wal-i2-v3",
                            "tags.Pipeline_phase": "prod",
                            "tags.Region": "us-west-2",
                            "tags.SLA": "prod",
                            "tags.Service_component": "upena-wal",
                            "type": "st1"
                        },
                        "meta": {},
                        "tainted": false
                    },
                    "deposed": [],
                    "provider": ""
                },
                "aws_ebs_volume.upena_wal_i3_v0": {
                    "type": "aws_ebs_volume",
                    "depends_on": [],
                    "primary": {
                        "id": "vol-0b64a433d9183e7a5",
                        "attributes": {
                            "availability_zone": "us-west-2c",
                            "encrypted": "true",
                            "id": "vol-0b64a433d9183e7a5",
                            "kms_key_id": "arn:aws:kms:us-west-2:870846026232:key/1ac4e3ea-b4c1-44b7-af4d-79aeb740a0c4",
                            "size": "500",
                            "snapshot_id": "",
                            "tags.%": "7",
                            "tags.Account_name": "jive-reco-prod",
                            "tags.Jive_service": "upena",
                            "tags.Name": "prod-upena-wal-i3-v0",
                            "tags.Pipeline_phase": "prod",
                            "tags.Region": "us-west-2",
                            "tags.SLA": "prod",
                            "tags.Service_component": "upena-wal",
                            "type": "st1"
                        },
                        "meta": {},
                        "tainted": false
                    },
                    "deposed": [],
                    "provider": ""
                },
                "aws_ebs_volume.upena_wal_i3_v1": {
                    "type": "aws_ebs_volume",
                    "depends_on": [],
                    "primary": {
                        "id": "vol-072a267cdc5816408",
                        "attributes": {
                            "availability_zone": "us-west-2c",
                            "encrypted": "true",
                            "id": "vol-072a267cdc5816408",
                            "kms_key_id": "arn:aws:kms:us-west-2:870846026232:key/1ac4e3ea-b4c1-44b7-af4d-79aeb740a0c4",
                            "size": "2000",
                            "snapshot_id": "",
                            "tags.%": "7",
                            "tags.Account_name": "jive-reco-prod",
                            "tags.Jive_service": "upena",
                            "tags.Name": "prod-upena-wal-i3-v1",
                            "tags.Pipeline_phase": "prod",
                            "tags.Region": "us-west-2",
                            "tags.SLA": "prod",
                            "tags.Service_component": "upena-wal",
                            "type": "st1"
                        },
                        "meta": {},
                        "tainted": false
                    },
                    "deposed": [],
                    "provider": ""
                },
                "aws_ebs_volume.upena_wal_i3_v2": {
                    "type": "aws_ebs_volume",
                    "depends_on": [],
                    "primary": {
                        "id": "vol-0ed6436db685b988a",
                        "attributes": {
                            "availability_zone": "us-west-2c",
                            "encrypted": "true",
                            "id": "vol-0ed6436db685b988a",
                            "kms_key_id": "arn:aws:kms:us-west-2:870846026232:key/1ac4e3ea-b4c1-44b7-af4d-79aeb740a0c4",
                            "size": "2000",
                            "snapshot_id": "",
                            "tags.%": "7",
                            "tags.Account_name": "jive-reco-prod",
                            "tags.Jive_service": "upena",
                            "tags.Name": "prod-upena-wal-i3-v2",
                            "tags.Pipeline_phase": "prod",
                            "tags.Region": "us-west-2",
                            "tags.SLA": "prod",
                            "tags.Service_component": "upena-wal",
                            "type": "st1"
                        },
                        "meta": {},
                        "tainted": false
                    },
                    "deposed": [],
                    "provider": ""
                },
                "aws_ebs_volume.upena_wal_i3_v3": {
                    "type": "aws_ebs_volume",
                    "depends_on": [],
                    "primary": {
                        "id": "vol-0ed094253d1f0728e",
                        "attributes": {
                            "availability_zone": "us-west-2c",
                            "encrypted": "true",
                            "id": "vol-0ed094253d1f0728e",
                            "kms_key_id": "arn:aws:kms:us-west-2:870846026232:key/1ac4e3ea-b4c1-44b7-af4d-79aeb740a0c4",
                            "size": "2000",
                            "snapshot_id": "",
                            "tags.%": "7",
                            "tags.Account_name": "jive-reco-prod",
                            "tags.Jive_service": "upena",
                            "tags.Name": "prod-upena-wal-i3-v3",
                            "tags.Pipeline_phase": "prod",
                            "tags.Region": "us-west-2",
                            "tags.SLA": "prod",
                            "tags.Service_component": "upena-wal",
                            "type": "st1"
                        },
                        "meta": {},
                        "tainted": false
                    },
                    "deposed": [],
                    "provider": ""
                },
                "aws_ebs_volume.upena_wal_i4_v0": {
                    "type": "aws_ebs_volume",
                    "depends_on": [],
                    "primary": {
                        "id": "vol-0280f5ceff212c0b7",
                        "attributes": {
                            "availability_zone": "us-west-2a",
                            "encrypted": "true",
                            "id": "vol-0280f5ceff212c0b7",
                            "kms_key_id": "arn:aws:kms:us-west-2:870846026232:key/1ac4e3ea-b4c1-44b7-af4d-79aeb740a0c4",
                            "size": "500",
                            "snapshot_id": "",
                            "tags.%": "7",
                            "tags.Account_name": "jive-reco-prod",
                            "tags.Jive_service": "upena",
                            "tags.Name": "prod-upena-wal-i4-v0",
                            "tags.Pipeline_phase": "prod",
                            "tags.Region": "us-west-2",
                            "tags.SLA": "prod",
                            "tags.Service_component": "upena-wal",
                            "type": "st1"
                        },
                        "meta": {},
                        "tainted": false
                    },
                    "deposed": [],
                    "provider": ""
                },
                "aws_ebs_volume.upena_wal_i4_v1": {
                    "type": "aws_ebs_volume",
                    "depends_on": [],
                    "primary": {
                        "id": "vol-03ddb507f804bd954",
                        "attributes": {
                            "availability_zone": "us-west-2a",
                            "encrypted": "true",
                            "id": "vol-03ddb507f804bd954",
                            "kms_key_id": "arn:aws:kms:us-west-2:870846026232:key/1ac4e3ea-b4c1-44b7-af4d-79aeb740a0c4",
                            "size": "2000",
                            "snapshot_id": "",
                            "tags.%": "7",
                            "tags.Account_name": "jive-reco-prod",
                            "tags.Jive_service": "upena",
                            "tags.Name": "prod-upena-wal-i4-v1",
                            "tags.Pipeline_phase": "prod",
                            "tags.Region": "us-west-2",
                            "tags.SLA": "prod",
                            "tags.Service_component": "upena-wal",
                            "type": "st1"
                        },
                        "meta": {},
                        "tainted": false
                    },
                    "deposed": [],
                    "provider": ""
                },
                "aws_ebs_volume.upena_wal_i4_v2": {
                    "type": "aws_ebs_volume",
                    "depends_on": [],
                    "primary": {
                        "id": "vol-04dc16962e1072514",
                        "attributes": {
                            "availability_zone": "us-west-2a",
                            "encrypted": "true",
                            "id": "vol-04dc16962e1072514",
                            "kms_key_id": "arn:aws:kms:us-west-2:870846026232:key/1ac4e3ea-b4c1-44b7-af4d-79aeb740a0c4",
                            "size": "2000",
                            "snapshot_id": "",
                            "tags.%": "7",
                            "tags.Account_name": "jive-reco-prod",
                            "tags.Jive_service": "upena",
                            "tags.Name": "prod-upena-wal-i4-v2",
                            "tags.Pipeline_phase": "prod",
                            "tags.Region": "us-west-2",
                            "tags.SLA": "prod",
                            "tags.Service_component": "upena-wal",
                            "type": "st1"
                        },
                        "meta": {},
                        "tainted": false
                    },
                    "deposed": [],
                    "provider": ""
                },
                "aws_ebs_volume.upena_wal_i4_v3": {
                    "type": "aws_ebs_volume",
                    "depends_on": [],
                    "primary": {
                        "id": "vol-061f2b18942700115",
                        "attributes": {
                            "availability_zone": "us-west-2a",
                            "encrypted": "true",
                            "id": "vol-061f2b18942700115",
                            "kms_key_id": "arn:aws:kms:us-west-2:870846026232:key/1ac4e3ea-b4c1-44b7-af4d-79aeb740a0c4",
                            "size": "2000",
                            "snapshot_id": "",
                            "tags.%": "7",
                            "tags.Account_name": "jive-reco-prod",
                            "tags.Jive_service": "upena",
                            "tags.Name": "prod-upena-wal-i4-v3",
                            "tags.Pipeline_phase": "prod",
                            "tags.Region": "us-west-2",
                            "tags.SLA": "prod",
                            "tags.Service_component": "upena-wal",
                            "type": "st1"
                        },
                        "meta": {},
                        "tainted": false
                    },
                    "deposed": [],
                    "provider": ""
                },
                "aws_ebs_volume.upena_wal_i5_v0": {
                    "type": "aws_ebs_volume",
                    "depends_on": [],
                    "primary": {
                        "id": "vol-0d067133cb499f60e",
                        "attributes": {
                            "availability_zone": "us-west-2b",
                            "encrypted": "true",
                            "id": "vol-0d067133cb499f60e",
                            "kms_key_id": "arn:aws:kms:us-west-2:870846026232:key/1ac4e3ea-b4c1-44b7-af4d-79aeb740a0c4",
                            "size": "500",
                            "snapshot_id": "",
                            "tags.%": "7",
                            "tags.Account_name": "jive-reco-prod",
                            "tags.Jive_service": "upena",
                            "tags.Name": "prod-upena-wal-i5-v0",
                            "tags.Pipeline_phase": "prod",
                            "tags.Region": "us-west-2",
                            "tags.SLA": "prod",
                            "tags.Service_component": "upena-wal",
                            "type": "st1"
                        },
                        "meta": {},
                        "tainted": false
                    },
                    "deposed": [],
                    "provider": ""
                },
                "aws_ebs_volume.upena_wal_i5_v1": {
                    "type": "aws_ebs_volume",
                    "depends_on": [],
                    "primary": {
                        "id": "vol-0cfc179a0965eba91",
                        "attributes": {
                            "availability_zone": "us-west-2b",
                            "encrypted": "true",
                            "id": "vol-0cfc179a0965eba91",
                            "kms_key_id": "arn:aws:kms:us-west-2:870846026232:key/1ac4e3ea-b4c1-44b7-af4d-79aeb740a0c4",
                            "size": "2000",
                            "snapshot_id": "",
                            "tags.%": "7",
                            "tags.Account_name": "jive-reco-prod",
                            "tags.Jive_service": "upena",
                            "tags.Name": "prod-upena-wal-i5-v1",
                            "tags.Pipeline_phase": "prod",
                            "tags.Region": "us-west-2",
                            "tags.SLA": "prod",
                            "tags.Service_component": "upena-wal",
                            "type": "st1"
                        },
                        "meta": {},
                        "tainted": false
                    },
                    "deposed": [],
                    "provider": ""
                },
                "aws_ebs_volume.upena_wal_i5_v2": {
                    "type": "aws_ebs_volume",
                    "depends_on": [],
                    "primary": {
                        "id": "vol-0d5f39de4e6c77ffa",
                        "attributes": {
                            "availability_zone": "us-west-2b",
                            "encrypted": "true",
                            "id": "vol-0d5f39de4e6c77ffa",
                            "kms_key_id": "arn:aws:kms:us-west-2:870846026232:key/1ac4e3ea-b4c1-44b7-af4d-79aeb740a0c4",
                            "size": "2000",
                            "snapshot_id": "",
                            "tags.%": "7",
                            "tags.Account_name": "jive-reco-prod",
                            "tags.Jive_service": "upena",
                            "tags.Name": "prod-upena-wal-i5-v2",
                            "tags.Pipeline_phase": "prod",
                            "tags.Region": "us-west-2",
                            "tags.SLA": "prod",
                            "tags.Service_component": "upena-wal",
                            "type": "st1"
                        },
                        "meta": {},
                        "tainted": false
                    },
                    "deposed": [],
                    "provider": ""
                },
                "aws_ebs_volume.upena_wal_i5_v3": {
                    "type": "aws_ebs_volume",
                    "depends_on": [],
                    "primary": {
                        "id": "vol-021ea1348ce13516e",
                        "attributes": {
                            "availability_zone": "us-west-2b",
                            "encrypted": "true",
                            "id": "vol-021ea1348ce13516e",
                            "kms_key_id": "arn:aws:kms:us-west-2:870846026232:key/1ac4e3ea-b4c1-44b7-af4d-79aeb740a0c4",
                            "size": "2000",
                            "snapshot_id": "",
                            "tags.%": "7",
                            "tags.Account_name": "jive-reco-prod",
                            "tags.Jive_service": "upena",
                            "tags.Name": "prod-upena-wal-i5-v3",
                            "tags.Pipeline_phase": "prod",
                            "tags.Region": "us-west-2",
                            "tags.SLA": "prod",
                            "tags.Service_component": "upena-wal",
                            "type": "st1"
                        },
                        "meta": {},
                        "tainted": false
                    },
                    "deposed": [],
                    "provider": ""
                },
                "aws_ebs_volume.upena_wal_i6_v0": {
                    "type": "aws_ebs_volume",
                    "depends_on": [],
                    "primary": {
                        "id": "vol-078c110a92caeb088",
                        "attributes": {
                            "availability_zone": "us-west-2c",
                            "encrypted": "true",
                            "id": "vol-078c110a92caeb088",
                            "kms_key_id": "arn:aws:kms:us-west-2:870846026232:key/1ac4e3ea-b4c1-44b7-af4d-79aeb740a0c4",
                            "size": "500",
                            "snapshot_id": "",
                            "tags.%": "7",
                            "tags.Account_name": "jive-reco-prod",
                            "tags.Jive_service": "upena",
                            "tags.Name": "prod-upena-wal-i6-v0",
                            "tags.Pipeline_phase": "prod",
                            "tags.Region": "us-west-2",
                            "tags.SLA": "prod",
                            "tags.Service_component": "upena-wal",
                            "type": "st1"
                        },
                        "meta": {},
                        "tainted": false
                    },
                    "deposed": [],
                    "provider": ""
                },
                "aws_ebs_volume.upena_wal_i6_v1": {
                    "type": "aws_ebs_volume",
                    "depends_on": [],
                    "primary": {
                        "id": "vol-09178f7749d12dea4",
                        "attributes": {
                            "availability_zone": "us-west-2c",
                            "encrypted": "true",
                            "id": "vol-09178f7749d12dea4",
                            "kms_key_id": "arn:aws:kms:us-west-2:870846026232:key/1ac4e3ea-b4c1-44b7-af4d-79aeb740a0c4",
                            "size": "2000",
                            "snapshot_id": "",
                            "tags.%": "7",
                            "tags.Account_name": "jive-reco-prod",
                            "tags.Jive_service": "upena",
                            "tags.Name": "prod-upena-wal-i6-v1",
                            "tags.Pipeline_phase": "prod",
                            "tags.Region": "us-west-2",
                            "tags.SLA": "prod",
                            "tags.Service_component": "upena-wal",
                            "type": "st1"
                        },
                        "meta": {},
                        "tainted": false
                    },
                    "deposed": [],
                    "provider": ""
                },
                "aws_ebs_volume.upena_wal_i6_v2": {
                    "type": "aws_ebs_volume",
                    "depends_on": [],
                    "primary": {
                        "id": "vol-0b872c9fb558ff442",
                        "attributes": {
                            "availability_zone": "us-west-2c",
                            "encrypted": "true",
                            "id": "vol-0b872c9fb558ff442",
                            "kms_key_id": "arn:aws:kms:us-west-2:870846026232:key/1ac4e3ea-b4c1-44b7-af4d-79aeb740a0c4",
                            "size": "2000",
                            "snapshot_id": "",
                            "tags.%": "7",
                            "tags.Account_name": "jive-reco-prod",
                            "tags.Jive_service": "upena",
                            "tags.Name": "prod-upena-wal-i6-v2",
                            "tags.Pipeline_phase": "prod",
                            "tags.Region": "us-west-2",
                            "tags.SLA": "prod",
                            "tags.Service_component": "upena-wal",
                            "type": "st1"
                        },
                        "meta": {},
                        "tainted": false
                    },
                    "deposed": [],
                    "provider": ""
                },
                "aws_ebs_volume.upena_wal_i6_v3": {
                    "type": "aws_ebs_volume",
                    "depends_on": [],
                    "primary": {
                        "id": "vol-0162308e52ee20d05",
                        "attributes": {
                            "availability_zone": "us-west-2c",
                            "encrypted": "true",
                            "id": "vol-0162308e52ee20d05",
                            "kms_key_id": "arn:aws:kms:us-west-2:870846026232:key/1ac4e3ea-b4c1-44b7-af4d-79aeb740a0c4",
                            "size": "2000",
                            "snapshot_id": "",
                            "tags.%": "7",
                            "tags.Account_name": "jive-reco-prod",
                            "tags.Jive_service": "upena",
                            "tags.Name": "prod-upena-wal-i6-v3",
                            "tags.Pipeline_phase": "prod",
                            "tags.Region": "us-west-2",
                            "tags.SLA": "prod",
                            "tags.Service_component": "upena-wal",
                            "type": "st1"
                        },
                        "meta": {},
                        "tainted": false
                    },
                    "deposed": [],
                    "provider": ""
                },
                "aws_ebs_volume.upena_wal_i7_v0": {
                    "type": "aws_ebs_volume",
                    "depends_on": [],
                    "primary": {
                        "id": "vol-011fc44f6f59dcda4",
                        "attributes": {
                            "availability_zone": "us-west-2a",
                            "encrypted": "true",
                            "id": "vol-011fc44f6f59dcda4",
                            "kms_key_id": "arn:aws:kms:us-west-2:870846026232:key/1ac4e3ea-b4c1-44b7-af4d-79aeb740a0c4",
                            "size": "500",
                            "snapshot_id": "",
                            "tags.%": "7",
                            "tags.Account_name": "jive-reco-prod",
                            "tags.Jive_service": "upena",
                            "tags.Name": "prod-upena-wal-i7-v0",
                            "tags.Pipeline_phase": "prod",
                            "tags.Region": "us-west-2",
                            "tags.SLA": "prod",
                            "tags.Service_component": "upena-wal",
                            "type": "st1"
                        },
                        "meta": {},
                        "tainted": false
                    },
                    "deposed": [],
                    "provider": ""
                },
                "aws_ebs_volume.upena_wal_i7_v1": {
                    "type": "aws_ebs_volume",
                    "depends_on": [],
                    "primary": {
                        "id": "vol-0012d14c62d1ea635",
                        "attributes": {
                            "availability_zone": "us-west-2a",
                            "encrypted": "true",
                            "id": "vol-0012d14c62d1ea635",
                            "kms_key_id": "arn:aws:kms:us-west-2:870846026232:key/1ac4e3ea-b4c1-44b7-af4d-79aeb740a0c4",
                            "size": "2000",
                            "snapshot_id": "",
                            "tags.%": "7",
                            "tags.Account_name": "jive-reco-prod",
                            "tags.Jive_service": "upena",
                            "tags.Name": "prod-upena-wal-i7-v1",
                            "tags.Pipeline_phase": "prod",
                            "tags.Region": "us-west-2",
                            "tags.SLA": "prod",
                            "tags.Service_component": "upena-wal",
                            "type": "st1"
                        },
                        "meta": {},
                        "tainted": false
                    },
                    "deposed": [],
                    "provider": ""
                },
                "aws_ebs_volume.upena_wal_i7_v2": {
                    "type": "aws_ebs_volume",
                    "depends_on": [],
                    "primary": {
                        "id": "vol-0517f0d9cc7ec661b",
                        "attributes": {
                            "availability_zone": "us-west-2a",
                            "encrypted": "true",
                            "id": "vol-0517f0d9cc7ec661b",
                            "kms_key_id": "arn:aws:kms:us-west-2:870846026232:key/1ac4e3ea-b4c1-44b7-af4d-79aeb740a0c4",
                            "size": "2000",
                            "snapshot_id": "",
                            "tags.%": "7",
                            "tags.Account_name": "jive-reco-prod",
                            "tags.Jive_service": "upena",
                            "tags.Name": "prod-upena-wal-i7-v2",
                            "tags.Pipeline_phase": "prod",
                            "tags.Region": "us-west-2",
                            "tags.SLA": "prod",
                            "tags.Service_component": "upena-wal",
                            "type": "st1"
                        },
                        "meta": {},
                        "tainted": false
                    },
                    "deposed": [],
                    "provider": ""
                },
                "aws_ebs_volume.upena_wal_i7_v3": {
                    "type": "aws_ebs_volume",
                    "depends_on": [],
                    "primary": {
                        "id": "vol-0ca010fe40d8941b1",
                        "attributes": {
                            "availability_zone": "us-west-2a",
                            "encrypted": "true",
                            "id": "vol-0ca010fe40d8941b1",
                            "kms_key_id": "arn:aws:kms:us-west-2:870846026232:key/1ac4e3ea-b4c1-44b7-af4d-79aeb740a0c4",
                            "size": "2000",
                            "snapshot_id": "",
                            "tags.%": "7",
                            "tags.Account_name": "jive-reco-prod",
                            "tags.Jive_service": "upena",
                            "tags.Name": "prod-upena-wal-i7-v3",
                            "tags.Pipeline_phase": "prod",
                            "tags.Region": "us-west-2",
                            "tags.SLA": "prod",
                            "tags.Service_component": "upena-wal",
                            "type": "st1"
                        },
                        "meta": {},
                        "tainted": false
                    },
                    "deposed": [],
                    "provider": ""
                },
                "aws_ebs_volume.upena_wal_i8_v0": {
                    "type": "aws_ebs_volume",
                    "depends_on": [],
                    "primary": {
                        "id": "vol-0b98d1cda125a60d3",
                        "attributes": {
                            "availability_zone": "us-west-2b",
                            "encrypted": "true",
                            "id": "vol-0b98d1cda125a60d3",
                            "kms_key_id": "arn:aws:kms:us-west-2:870846026232:key/1ac4e3ea-b4c1-44b7-af4d-79aeb740a0c4",
                            "size": "500",
                            "snapshot_id": "",
                            "tags.%": "7",
                            "tags.Account_name": "jive-reco-prod",
                            "tags.Jive_service": "upena",
                            "tags.Name": "prod-upena-wal-i8-v0",
                            "tags.Pipeline_phase": "prod",
                            "tags.Region": "us-west-2",
                            "tags.SLA": "prod",
                            "tags.Service_component": "upena-wal",
                            "type": "st1"
                        },
                        "meta": {},
                        "tainted": false
                    },
                    "deposed": [],
                    "provider": ""
                },
                "aws_ebs_volume.upena_wal_i8_v1": {
                    "type": "aws_ebs_volume",
                    "depends_on": [],
                    "primary": {
                        "id": "vol-0e7a2ae4540274c40",
                        "attributes": {
                            "availability_zone": "us-west-2b",
                            "encrypted": "true",
                            "id": "vol-0e7a2ae4540274c40",
                            "kms_key_id": "arn:aws:kms:us-west-2:870846026232:key/1ac4e3ea-b4c1-44b7-af4d-79aeb740a0c4",
                            "size": "2000",
                            "snapshot_id": "",
                            "tags.%": "7",
                            "tags.Account_name": "jive-reco-prod",
                            "tags.Jive_service": "upena",
                            "tags.Name": "prod-upena-wal-i8-v1",
                            "tags.Pipeline_phase": "prod",
                            "tags.Region": "us-west-2",
                            "tags.SLA": "prod",
                            "tags.Service_component": "upena-wal",
                            "type": "st1"
                        },
                        "meta": {},
                        "tainted": false
                    },
                    "deposed": [],
                    "provider": ""
                },
                "aws_ebs_volume.upena_wal_i8_v2": {
                    "type": "aws_ebs_volume",
                    "depends_on": [],
                    "primary": {
                        "id": "vol-0d402d85adc4a970f",
                        "attributes": {
                            "availability_zone": "us-west-2b",
                            "encrypted": "true",
                            "id": "vol-0d402d85adc4a970f",
                            "kms_key_id": "arn:aws:kms:us-west-2:870846026232:key/1ac4e3ea-b4c1-44b7-af4d-79aeb740a0c4",
                            "size": "2000",
                            "snapshot_id": "",
                            "tags.%": "7",
                            "tags.Account_name": "jive-reco-prod",
                            "tags.Jive_service": "upena",
                            "tags.Name": "prod-upena-wal-i8-v2",
                            "tags.Pipeline_phase": "prod",
                            "tags.Region": "us-west-2",
                            "tags.SLA": "prod",
                            "tags.Service_component": "upena-wal",
                            "type": "st1"
                        },
                        "meta": {},
                        "tainted": false
                    },
                    "deposed": [],
                    "provider": ""
                },
                "aws_ebs_volume.upena_wal_i8_v3": {
                    "type": "aws_ebs_volume",
                    "depends_on": [],
                    "primary": {
                        "id": "vol-0b42ba207c81d06da",
                        "attributes": {
                            "availability_zone": "us-west-2b",
                            "encrypted": "true",
                            "id": "vol-0b42ba207c81d06da",
                            "kms_key_id": "arn:aws:kms:us-west-2:870846026232:key/1ac4e3ea-b4c1-44b7-af4d-79aeb740a0c4",
                            "size": "2000",
                            "snapshot_id": "",
                            "tags.%": "7",
                            "tags.Account_name": "jive-reco-prod",
                            "tags.Jive_service": "upena",
                            "tags.Name": "prod-upena-wal-i8-v3",
                            "tags.Pipeline_phase": "prod",
                            "tags.Region": "us-west-2",
                            "tags.SLA": "prod",
                            "tags.Service_component": "upena-wal",
                            "type": "st1"
                        },
                        "meta": {},
                        "tainted": false
                    },
                    "deposed": [],
                    "provider": ""
                },
                "aws_ebs_volume.upena_wal_i9_v0": {
                    "type": "aws_ebs_volume",
                    "depends_on": [],
                    "primary": {
                        "id": "vol-0c95d2ebafe4716a5",
                        "attributes": {
                            "availability_zone": "us-west-2c",
                            "encrypted": "true",
                            "id": "vol-0c95d2ebafe4716a5",
                            "kms_key_id": "arn:aws:kms:us-west-2:870846026232:key/1ac4e3ea-b4c1-44b7-af4d-79aeb740a0c4",
                            "size": "500",
                            "snapshot_id": "",
                            "tags.%": "7",
                            "tags.Account_name": "jive-reco-prod",
                            "tags.Jive_service": "upena",
                            "tags.Name": "prod-upena-wal-i9-v0",
                            "tags.Pipeline_phase": "prod",
                            "tags.Region": "us-west-2",
                            "tags.SLA": "prod",
                            "tags.Service_component": "upena-wal",
                            "type": "st1"
                        },
                        "meta": {},
                        "tainted": false
                    },
                    "deposed": [],
                    "provider": ""
                },
                "aws_ebs_volume.upena_wal_i9_v1": {
                    "type": "aws_ebs_volume",
                    "depends_on": [],
                    "primary": {
                        "id": "vol-08bb03739f595cecd",
                        "attributes": {
                            "availability_zone": "us-west-2c",
                            "encrypted": "true",
                            "id": "vol-08bb03739f595cecd",
                            "kms_key_id": "arn:aws:kms:us-west-2:870846026232:key/1ac4e3ea-b4c1-44b7-af4d-79aeb740a0c4",
                            "size": "2000",
                            "snapshot_id": "",
                            "tags.%": "7",
                            "tags.Account_name": "jive-reco-prod",
                            "tags.Jive_service": "upena",
                            "tags.Name": "prod-upena-wal-i9-v1",
                            "tags.Pipeline_phase": "prod",
                            "tags.Region": "us-west-2",
                            "tags.SLA": "prod",
                            "tags.Service_component": "upena-wal",
                            "type": "st1"
                        },
                        "meta": {},
                        "tainted": false
                    },
                    "deposed": [],
                    "provider": ""
                },
                "aws_ebs_volume.upena_wal_i9_v2": {
                    "type": "aws_ebs_volume",
                    "depends_on": [],
                    "primary": {
                        "id": "vol-0fe8cfb0b5d87f70c",
                        "attributes": {
                            "availability_zone": "us-west-2c",
                            "encrypted": "true",
                            "id": "vol-0fe8cfb0b5d87f70c",
                            "kms_key_id": "arn:aws:kms:us-west-2:870846026232:key/1ac4e3ea-b4c1-44b7-af4d-79aeb740a0c4",
                            "size": "2000",
                            "snapshot_id": "",
                            "tags.%": "7",
                            "tags.Account_name": "jive-reco-prod",
                            "tags.Jive_service": "upena",
                            "tags.Name": "prod-upena-wal-i9-v2",
                            "tags.Pipeline_phase": "prod",
                            "tags.Region": "us-west-2",
                            "tags.SLA": "prod",
                            "tags.Service_component": "upena-wal",
                            "type": "st1"
                        },
                        "meta": {},
                        "tainted": false
                    },
                    "deposed": [],
                    "provider": ""
                },
                "aws_ebs_volume.upena_wal_i9_v3": {
                    "type": "aws_ebs_volume",
                    "depends_on": [],
                    "primary": {
                        "id": "vol-00fc5aefa997eea14",
                        "attributes": {
                            "availability_zone": "us-west-2c",
                            "encrypted": "true",
                            "id": "vol-00fc5aefa997eea14",
                            "kms_key_id": "arn:aws:kms:us-west-2:870846026232:key/1ac4e3ea-b4c1-44b7-af4d-79aeb740a0c4",
                            "size": "2000",
                            "snapshot_id": "",
                            "tags.%": "7",
                            "tags.Account_name": "jive-reco-prod",
                            "tags.Jive_service": "upena",
                            "tags.Name": "prod-upena-wal-i9-v3",
                            "tags.Pipeline_phase": "prod",
                            "tags.Region": "us-west-2",
                            "tags.SLA": "prod",
                            "tags.Service_component": "upena-wal",
                            "type": "st1"
                        },
                        "meta": {},
                        "tainted": false
                    },
                    "deposed": [],
                    "provider": ""
                },
                "aws_instance.upena_wal_i1": {
                    "type": "aws_instance",
                    "depends_on": [
                        "aws_security_group.upena_wal_sg"
                    ],
                    "primary": {
                        "id": "i-0d807aa4fb890e505",
                        "attributes": {
                            "ami": "ami-1e299d7e",
                            "associate_public_ip_address": "false",
                            "availability_zone": "us-west-2a",
                            "disable_api_termination": "false",
                            "ebs_block_device.#": "4",
                            "ebs_block_device.2630216116.delete_on_termination": "false",
                            "ebs_block_device.2630216116.device_name": "/dev/sde",
                            "ebs_block_device.2630216116.encrypted": "true",
                            "ebs_block_device.2630216116.iops": "0",
                            "ebs_block_device.2630216116.snapshot_id": "",
                            "ebs_block_device.2630216116.volume_size": "2000",
                            "ebs_block_device.2630216116.volume_type": "st1",
                            "ebs_block_device.2634515331.delete_on_termination": "false",
                            "ebs_block_device.2634515331.device_name": "/dev/sdd",
                            "ebs_block_device.2634515331.encrypted": "true",
                            "ebs_block_device.2634515331.iops": "0",
                            "ebs_block_device.2634515331.snapshot_id": "",
                            "ebs_block_device.2634515331.volume_size": "500",
                            "ebs_block_device.2634515331.volume_type": "st1",
                            "ebs_block_device.2659407853.delete_on_termination": "false",
                            "ebs_block_device.2659407853.device_name": "/dev/sdf",
                            "ebs_block_device.2659407853.encrypted": "true",
                            "ebs_block_device.2659407853.iops": "0",
                            "ebs_block_device.2659407853.snapshot_id": "",
                            "ebs_block_device.2659407853.volume_size": "2000",
                            "ebs_block_device.2659407853.volume_type": "st1",
                            "ebs_block_device.2671853018.delete_on_termination": "false",
                            "ebs_block_device.2671853018.device_name": "/dev/sdg",
                            "ebs_block_device.2671853018.encrypted": "true",
                            "ebs_block_device.2671853018.iops": "0",
                            "ebs_block_device.2671853018.snapshot_id": "",
                            "ebs_block_device.2671853018.volume_size": "2000",
                            "ebs_block_device.2671853018.volume_type": "st1",
                            "ebs_optimized": "true",
                            "ephemeral_block_device.#": "0",
                            "iam_instance_profile": "upena-profile",
                            "id": "i-0d807aa4fb890e505",
                            "instance_state": "running",
                            "instance_type": "r4.xlarge",
                            "key_name": "reco-prod",
                            "monitoring": "false",
                            "network_interface_id": "eni-628f1321",
                            "private_dns": "ip-10-126-96-187.us-west-2.compute.internal",
                            "private_ip": "10.126.96.187",
                            "public_dns": "",
                            "public_ip": "",
                            "root_block_device.#": "1",
                            "root_block_device.0.delete_on_termination": "true",
                            "root_block_device.0.iops": "0",
                            "root_block_device.0.volume_size": "8",
                            "root_block_device.0.volume_type": "standard",
                            "security_groups.#": "0",
                            "source_dest_check": "true",
                            "subnet_id": "subnet-4ba5703d",
                            "tags.%": "7",
                            "tags.Account_name": "jive-reco-prod",
                            "tags.Jive_service": "upena",
                            "tags.Name": "prod-upena-wal-i1",
                            "tags.Pipeline_phase": "prod",
                            "tags.Region": "us-west-2",
                            "tags.SLA": "prod",
                            "tags.Service_component": "upena-wal",
                            "tenancy": "default",
                            "user_data": "50f17a6874daa70625669dc3325f5aeeabefe184",
                            "vpc_security_group_ids.#": "2",
                            "vpc_security_group_ids.1813709755": "sg-0e944976",
                            "vpc_security_group_ids.744384824": "sg-77687f10"
                        },
                        "meta": {
                            "schema_version": "1"
                        },
                        "tainted": false
                    },
                    "deposed": [],
                    "provider": ""
                },
                "aws_instance.upena_wal_i2": {
                    "type": "aws_instance",
                    "depends_on": [
                        "aws_security_group.upena_wal_sg"
                    ],
                    "primary": {
                        "id": "i-09bc1f2ec51515d3e",
                        "attributes": {
                            "ami": "ami-1e299d7e",
                            "associate_public_ip_address": "false",
                            "availability_zone": "us-west-2b",
                            "disable_api_termination": "false",
                            "ebs_block_device.#": "4",
                            "ebs_block_device.2630216116.delete_on_termination": "false",
                            "ebs_block_device.2630216116.device_name": "/dev/sde",
                            "ebs_block_device.2630216116.encrypted": "true",
                            "ebs_block_device.2630216116.iops": "0",
                            "ebs_block_device.2630216116.snapshot_id": "",
                            "ebs_block_device.2630216116.volume_size": "2000",
                            "ebs_block_device.2630216116.volume_type": "st1",
                            "ebs_block_device.2634515331.delete_on_termination": "false",
                            "ebs_block_device.2634515331.device_name": "/dev/sdd",
                            "ebs_block_device.2634515331.encrypted": "true",
                            "ebs_block_device.2634515331.iops": "0",
                            "ebs_block_device.2634515331.snapshot_id": "",
                            "ebs_block_device.2634515331.volume_size": "500",
                            "ebs_block_device.2634515331.volume_type": "st1",
                            "ebs_block_device.2659407853.delete_on_termination": "false",
                            "ebs_block_device.2659407853.device_name": "/dev/sdf",
                            "ebs_block_device.2659407853.encrypted": "true",
                            "ebs_block_device.2659407853.iops": "0",
                            "ebs_block_device.2659407853.snapshot_id": "",
                            "ebs_block_device.2659407853.volume_size": "2000",
                            "ebs_block_device.2659407853.volume_type": "st1",
                            "ebs_block_device.2671853018.delete_on_termination": "false",
                            "ebs_block_device.2671853018.device_name": "/dev/sdg",
                            "ebs_block_device.2671853018.encrypted": "true",
                            "ebs_block_device.2671853018.iops": "0",
                            "ebs_block_device.2671853018.snapshot_id": "",
                            "ebs_block_device.2671853018.volume_size": "2000",
                            "ebs_block_device.2671853018.volume_type": "st1",
                            "ebs_optimized": "true",
                            "ephemeral_block_device.#": "0",
                            "iam_instance_profile": "upena-profile",
                            "id": "i-09bc1f2ec51515d3e",
                            "instance_state": "running",
                            "instance_type": "r4.xlarge",
                            "key_name": "reco-prod",
                            "monitoring": "false",
                            "network_interface_id": "eni-12c0de63",
                            "private_dns": "ip-10-126-101-159.us-west-2.compute.internal",
                            "private_ip": "10.126.101.159",
                            "public_dns": "",
                            "public_ip": "",
                            "root_block_device.#": "1",
                            "root_block_device.0.delete_on_termination": "true",
                            "root_block_device.0.iops": "0",
                            "root_block_device.0.volume_size": "8",
                            "root_block_device.0.volume_type": "standard",
                            "security_groups.#": "0",
                            "source_dest_check": "true",
                            "subnet_id": "subnet-6178c805",
                            "tags.%": "7",
                            "tags.Account_name": "jive-reco-prod",
                            "tags.Jive_service": "upena",
                            "tags.Name": "prod-upena-wal-i2",
                            "tags.Pipeline_phase": "prod",
                            "tags.Region": "us-west-2",
                            "tags.SLA": "prod",
                            "tags.Service_component": "upena-wal",
                            "tenancy": "default",
                            "user_data": "50f17a6874daa70625669dc3325f5aeeabefe184",
                            "vpc_security_group_ids.#": "2",
                            "vpc_security_group_ids.1813709755": "sg-0e944976",
                            "vpc_security_group_ids.744384824": "sg-77687f10"
                        },
                        "meta": {
                            "schema_version": "1"
                        },
                        "tainted": false
                    },
                    "deposed": [],
                    "provider": ""
                },
                "aws_instance.upena_wal_i3": {
                    "type": "aws_instance",
                    "depends_on": [
                        "aws_security_group.upena_wal_sg"
                    ],
                    "primary": {
                        "id": "i-0b9f1fc37d8da8550",
                        "attributes": {
                            "ami": "ami-1e299d7e",
                            "associate_public_ip_address": "false",
                            "availability_zone": "us-west-2c",
                            "disable_api_termination": "false",
                            "ebs_block_device.#": "4",
                            "ebs_block_device.2630216116.delete_on_termination": "false",
                            "ebs_block_device.2630216116.device_name": "/dev/sde",
                            "ebs_block_device.2630216116.encrypted": "true",
                            "ebs_block_device.2630216116.iops": "0",
                            "ebs_block_device.2630216116.snapshot_id": "",
                            "ebs_block_device.2630216116.volume_size": "2000",
                            "ebs_block_device.2630216116.volume_type": "st1",
                            "ebs_block_device.2634515331.delete_on_termination": "false",
                            "ebs_block_device.2634515331.device_name": "/dev/sdd",
                            "ebs_block_device.2634515331.encrypted": "true",
                            "ebs_block_device.2634515331.iops": "0",
                            "ebs_block_device.2634515331.snapshot_id": "",
                            "ebs_block_device.2634515331.volume_size": "500",
                            "ebs_block_device.2634515331.volume_type": "st1",
                            "ebs_block_device.2659407853.delete_on_termination": "false",
                            "ebs_block_device.2659407853.device_name": "/dev/sdf",
                            "ebs_block_device.2659407853.encrypted": "true",
                            "ebs_block_device.2659407853.iops": "0",
                            "ebs_block_device.2659407853.snapshot_id": "",
                            "ebs_block_device.2659407853.volume_size": "2000",
                            "ebs_block_device.2659407853.volume_type": "st1",
                            "ebs_block_device.2671853018.delete_on_termination": "false",
                            "ebs_block_device.2671853018.device_name": "/dev/sdg",
                            "ebs_block_device.2671853018.encrypted": "true",
                            "ebs_block_device.2671853018.iops": "0",
                            "ebs_block_device.2671853018.snapshot_id": "",
                            "ebs_block_device.2671853018.volume_size": "2000",
                            "ebs_block_device.2671853018.volume_type": "st1",
                            "ebs_optimized": "true",
                            "ephemeral_block_device.#": "0",
                            "iam_instance_profile": "upena-profile",
                            "id": "i-0b9f1fc37d8da8550",
                            "instance_state": "running",
                            "instance_type": "r4.xlarge",
                            "key_name": "reco-prod",
                            "monitoring": "false",
                            "network_interface_id": "eni-5cd3e40c",
                            "private_dns": "ip-10-126-106-197.us-west-2.compute.internal",
                            "private_ip": "10.126.106.197",
                            "public_dns": "",
                            "public_ip": "",
                            "root_block_device.#": "1",
                            "root_block_device.0.delete_on_termination": "true",
                            "root_block_device.0.iops": "0",
                            "root_block_device.0.volume_size": "8",
                            "root_block_device.0.volume_type": "standard",
                            "security_groups.#": "0",
                            "source_dest_check": "true",
                            "subnet_id": "subnet-6be90c33",
                            "tags.%": "7",
                            "tags.Account_name": "jive-reco-prod",
                            "tags.Jive_service": "upena",
                            "tags.Name": "prod-upena-wal-i3",
                            "tags.Pipeline_phase": "prod",
                            "tags.Region": "us-west-2",
                            "tags.SLA": "prod",
                            "tags.Service_component": "upena-wal",
                            "tenancy": "default",
                            "user_data": "50f17a6874daa70625669dc3325f5aeeabefe184",
                            "vpc_security_group_ids.#": "2",
                            "vpc_security_group_ids.1813709755": "sg-0e944976",
                            "vpc_security_group_ids.744384824": "sg-77687f10"
                        },
                        "meta": {
                            "schema_version": "1"
                        },
                        "tainted": false
                    },
                    "deposed": [],
                    "provider": ""
                },
                "aws_instance.upena_wal_i4": {
                    "type": "aws_instance",
                    "depends_on": [
                        "aws_security_group.upena_wal_sg"
                    ],
                    "primary": {
                        "id": "i-0d77fb7ac79c0c23e",
                        "attributes": {
                            "ami": "ami-1e299d7e",
                            "associate_public_ip_address": "false",
                            "availability_zone": "us-west-2a",
                            "disable_api_termination": "false",
                            "ebs_block_device.#": "4",
                            "ebs_block_device.2630216116.delete_on_termination": "false",
                            "ebs_block_device.2630216116.device_name": "/dev/sde",
                            "ebs_block_device.2630216116.encrypted": "true",
                            "ebs_block_device.2630216116.iops": "0",
                            "ebs_block_device.2630216116.snapshot_id": "",
                            "ebs_block_device.2630216116.volume_size": "2000",
                            "ebs_block_device.2630216116.volume_type": "st1",
                            "ebs_block_device.2634515331.delete_on_termination": "false",
                            "ebs_block_device.2634515331.device_name": "/dev/sdd",
                            "ebs_block_device.2634515331.encrypted": "true",
                            "ebs_block_device.2634515331.iops": "0",
                            "ebs_block_device.2634515331.snapshot_id": "",
                            "ebs_block_device.2634515331.volume_size": "500",
                            "ebs_block_device.2634515331.volume_type": "st1",
                            "ebs_block_device.2659407853.delete_on_termination": "false",
                            "ebs_block_device.2659407853.device_name": "/dev/sdf",
                            "ebs_block_device.2659407853.encrypted": "true",
                            "ebs_block_device.2659407853.iops": "0",
                            "ebs_block_device.2659407853.snapshot_id": "",
                            "ebs_block_device.2659407853.volume_size": "2000",
                            "ebs_block_device.2659407853.volume_type": "st1",
                            "ebs_block_device.2671853018.delete_on_termination": "false",
                            "ebs_block_device.2671853018.device_name": "/dev/sdg",
                            "ebs_block_device.2671853018.encrypted": "true",
                            "ebs_block_device.2671853018.iops": "0",
                            "ebs_block_device.2671853018.snapshot_id": "",
                            "ebs_block_device.2671853018.volume_size": "2000",
                            "ebs_block_device.2671853018.volume_type": "st1",
                            "ebs_optimized": "true",
                            "ephemeral_block_device.#": "0",
                            "iam_instance_profile": "upena-profile",
                            "id": "i-0d77fb7ac79c0c23e",
                            "instance_state": "running",
                            "instance_type": "r4.xlarge",
                            "key_name": "reco-prod",
                            "monitoring": "false",
                            "network_interface_id": "eni-ad9a06ee",
                            "private_dns": "ip-10-126-96-90.us-west-2.compute.internal",
                            "private_ip": "10.126.96.90",
                            "public_dns": "",
                            "public_ip": "",
                            "root_block_device.#": "1",
                            "root_block_device.0.delete_on_termination": "true",
                            "root_block_device.0.iops": "0",
                            "root_block_device.0.volume_size": "8",
                            "root_block_device.0.volume_type": "standard",
                            "security_groups.#": "0",
                            "source_dest_check": "true",
                            "subnet_id": "subnet-4ba5703d",
                            "tags.%": "7",
                            "tags.Account_name": "jive-reco-prod",
                            "tags.Jive_service": "upena",
                            "tags.Name": "prod-upena-wal-i4",
                            "tags.Pipeline_phase": "prod",
                            "tags.Region": "us-west-2",
                            "tags.SLA": "prod",
                            "tags.Service_component": "upena-wal",
                            "tenancy": "default",
                            "user_data": "50f17a6874daa70625669dc3325f5aeeabefe184",
                            "vpc_security_group_ids.#": "2",
                            "vpc_security_group_ids.1813709755": "sg-0e944976",
                            "vpc_security_group_ids.744384824": "sg-77687f10"
                        },
                        "meta": {
                            "schema_version": "1"
                        },
                        "tainted": false
                    },
                    "deposed": [],
                    "provider": ""
                },
                "aws_instance.upena_wal_i5": {
                    "type": "aws_instance",
                    "depends_on": [
                        "aws_security_group.upena_wal_sg"
                    ],
                    "primary": {
                        "id": "i-0c4e45cb826dccbdd",
                        "attributes": {
                            "ami": "ami-1e299d7e",
                            "associate_public_ip_address": "false",
                            "availability_zone": "us-west-2b",
                            "disable_api_termination": "false",
                            "ebs_block_device.#": "4",
                            "ebs_block_device.2630216116.delete_on_termination": "false",
                            "ebs_block_device.2630216116.device_name": "/dev/sde",
                            "ebs_block_device.2630216116.encrypted": "true",
                            "ebs_block_device.2630216116.iops": "0",
                            "ebs_block_device.2630216116.snapshot_id": "",
                            "ebs_block_device.2630216116.volume_size": "2000",
                            "ebs_block_device.2630216116.volume_type": "st1",
                            "ebs_block_device.2634515331.delete_on_termination": "false",
                            "ebs_block_device.2634515331.device_name": "/dev/sdd",
                            "ebs_block_device.2634515331.encrypted": "true",
                            "ebs_block_device.2634515331.iops": "0",
                            "ebs_block_device.2634515331.snapshot_id": "",
                            "ebs_block_device.2634515331.volume_size": "500",
                            "ebs_block_device.2634515331.volume_type": "st1",
                            "ebs_block_device.2659407853.delete_on_termination": "false",
                            "ebs_block_device.2659407853.device_name": "/dev/sdf",
                            "ebs_block_device.2659407853.encrypted": "true",
                            "ebs_block_device.2659407853.iops": "0",
                            "ebs_block_device.2659407853.snapshot_id": "",
                            "ebs_block_device.2659407853.volume_size": "2000",
                            "ebs_block_device.2659407853.volume_type": "st1",
                            "ebs_block_device.2671853018.delete_on_termination": "false",
                            "ebs_block_device.2671853018.device_name": "/dev/sdg",
                            "ebs_block_device.2671853018.encrypted": "true",
                            "ebs_block_device.2671853018.iops": "0",
                            "ebs_block_device.2671853018.snapshot_id": "",
                            "ebs_block_device.2671853018.volume_size": "2000",
                            "ebs_block_device.2671853018.volume_type": "st1",
                            "ebs_optimized": "true",
                            "ephemeral_block_device.#": "0",
                            "iam_instance_profile": "upena-profile",
                            "id": "i-0c4e45cb826dccbdd",
                            "instance_state": "running",
                            "instance_type": "r4.xlarge",
                            "key_name": "reco-prod",
                            "monitoring": "false",
                            "network_interface_id": "eni-e4fee095",
                            "private_dns": "ip-10-126-103-27.us-west-2.compute.internal",
                            "private_ip": "10.126.103.27",
                            "public_dns": "",
                            "public_ip": "",
                            "root_block_device.#": "1",
                            "root_block_device.0.delete_on_termination": "true",
                            "root_block_device.0.iops": "0",
                            "root_block_device.0.volume_size": "8",
                            "root_block_device.0.volume_type": "standard",
                            "security_groups.#": "0",
                            "source_dest_check": "true",
                            "subnet_id": "subnet-6178c805",
                            "tags.%": "7",
                            "tags.Account_name": "jive-reco-prod",
                            "tags.Jive_service": "upena",
                            "tags.Name": "prod-upena-wal-i5",
                            "tags.Pipeline_phase": "prod",
                            "tags.Region": "us-west-2",
                            "tags.SLA": "prod",
                            "tags.Service_component": "upena-wal",
                            "tenancy": "default",
                            "user_data": "50f17a6874daa70625669dc3325f5aeeabefe184",
                            "vpc_security_group_ids.#": "2",
                            "vpc_security_group_ids.1813709755": "sg-0e944976",
                            "vpc_security_group_ids.744384824": "sg-77687f10"
                        },
                        "meta": {
                            "schema_version": "1"
                        },
                        "tainted": false
                    },
                    "deposed": [],
                    "provider": ""
                },
                "aws_instance.upena_wal_i6": {
                    "type": "aws_instance",
                    "depends_on": [
                        "aws_security_group.upena_wal_sg"
                    ],
                    "primary": {
                        "id": "i-000f2b50bf4ab4289",
                        "attributes": {
                            "ami": "ami-1e299d7e",
                            "associate_public_ip_address": "false",
                            "availability_zone": "us-west-2c",
                            "disable_api_termination": "false",
                            "ebs_block_device.#": "4",
                            "ebs_block_device.2630216116.delete_on_termination": "false",
                            "ebs_block_device.2630216116.device_name": "/dev/sde",
                            "ebs_block_device.2630216116.encrypted": "true",
                            "ebs_block_device.2630216116.iops": "0",
                            "ebs_block_device.2630216116.snapshot_id": "",
                            "ebs_block_device.2630216116.volume_size": "2000",
                            "ebs_block_device.2630216116.volume_type": "st1",
                            "ebs_block_device.2634515331.delete_on_termination": "false",
                            "ebs_block_device.2634515331.device_name": "/dev/sdd",
                            "ebs_block_device.2634515331.encrypted": "true",
                            "ebs_block_device.2634515331.iops": "0",
                            "ebs_block_device.2634515331.snapshot_id": "",
                            "ebs_block_device.2634515331.volume_size": "500",
                            "ebs_block_device.2634515331.volume_type": "st1",
                            "ebs_block_device.2659407853.delete_on_termination": "false",
                            "ebs_block_device.2659407853.device_name": "/dev/sdf",
                            "ebs_block_device.2659407853.encrypted": "true",
                            "ebs_block_device.2659407853.iops": "0",
                            "ebs_block_device.2659407853.snapshot_id": "",
                            "ebs_block_device.2659407853.volume_size": "2000",
                            "ebs_block_device.2659407853.volume_type": "st1",
                            "ebs_block_device.2671853018.delete_on_termination": "false",
                            "ebs_block_device.2671853018.device_name": "/dev/sdg",
                            "ebs_block_device.2671853018.encrypted": "true",
                            "ebs_block_device.2671853018.iops": "0",
                            "ebs_block_device.2671853018.snapshot_id": "",
                            "ebs_block_device.2671853018.volume_size": "2000",
                            "ebs_block_device.2671853018.volume_type": "st1",
                            "ebs_optimized": "true",
                            "ephemeral_block_device.#": "0",
                            "iam_instance_profile": "upena-profile",
                            "id": "i-000f2b50bf4ab4289",
                            "instance_state": "running",
                            "instance_type": "r4.xlarge",
                            "key_name": "reco-prod",
                            "monitoring": "false",
                            "network_interface_id": "eni-d7eadd87",
                            "private_dns": "ip-10-126-104-127.us-west-2.compute.internal",
                            "private_ip": "10.126.104.127",
                            "public_dns": "",
                            "public_ip": "",
                            "root_block_device.#": "1",
                            "root_block_device.0.delete_on_termination": "true",
                            "root_block_device.0.iops": "0",
                            "root_block_device.0.volume_size": "8",
                            "root_block_device.0.volume_type": "standard",
                            "security_groups.#": "0",
                            "source_dest_check": "true",
                            "subnet_id": "subnet-6be90c33",
                            "tags.%": "7",
                            "tags.Account_name": "jive-reco-prod",
                            "tags.Jive_service": "upena",
                            "tags.Name": "prod-upena-wal-i6",
                            "tags.Pipeline_phase": "prod",
                            "tags.Region": "us-west-2",
                            "tags.SLA": "prod",
                            "tags.Service_component": "upena-wal",
                            "tenancy": "default",
                            "user_data": "50f17a6874daa70625669dc3325f5aeeabefe184",
                            "vpc_security_group_ids.#": "2",
                            "vpc_security_group_ids.1813709755": "sg-0e944976",
                            "vpc_security_group_ids.744384824": "sg-77687f10"
                        },
                        "meta": {
                            "schema_version": "1"
                        },
                        "tainted": false
                    },
                    "deposed": [],
                    "provider": ""
                },
                "aws_instance.upena_wal_i7": {
                    "type": "aws_instance",
                    "depends_on": [
                        "aws_security_group.upena_wal_sg"
                    ],
                    "primary": {
                        "id": "i-0a07e59b10514f7e4",
                        "attributes": {
                            "ami": "ami-1e299d7e",
                            "associate_public_ip_address": "false",
                            "availability_zone": "us-west-2a",
                            "disable_api_termination": "false",
                            "ebs_block_device.#": "4",
                            "ebs_block_device.2630216116.delete_on_termination": "false",
                            "ebs_block_device.2630216116.device_name": "/dev/sde",
                            "ebs_block_device.2630216116.encrypted": "true",
                            "ebs_block_device.2630216116.iops": "0",
                            "ebs_block_device.2630216116.snapshot_id": "",
                            "ebs_block_device.2630216116.volume_size": "2000",
                            "ebs_block_device.2630216116.volume_type": "st1",
                            "ebs_block_device.2634515331.delete_on_termination": "false",
                            "ebs_block_device.2634515331.device_name": "/dev/sdd",
                            "ebs_block_device.2634515331.encrypted": "true",
                            "ebs_block_device.2634515331.iops": "0",
                            "ebs_block_device.2634515331.snapshot_id": "",
                            "ebs_block_device.2634515331.volume_size": "500",
                            "ebs_block_device.2634515331.volume_type": "st1",
                            "ebs_block_device.2659407853.delete_on_termination": "false",
                            "ebs_block_device.2659407853.device_name": "/dev/sdf",
                            "ebs_block_device.2659407853.encrypted": "true",
                            "ebs_block_device.2659407853.iops": "0",
                            "ebs_block_device.2659407853.snapshot_id": "",
                            "ebs_block_device.2659407853.volume_size": "2000",
                            "ebs_block_device.2659407853.volume_type": "st1",
                            "ebs_block_device.2671853018.delete_on_termination": "false",
                            "ebs_block_device.2671853018.device_name": "/dev/sdg",
                            "ebs_block_device.2671853018.encrypted": "true",
                            "ebs_block_device.2671853018.iops": "0",
                            "ebs_block_device.2671853018.snapshot_id": "",
                            "ebs_block_device.2671853018.volume_size": "2000",
                            "ebs_block_device.2671853018.volume_type": "st1",
                            "ebs_optimized": "true",
                            "ephemeral_block_device.#": "0",
                            "iam_instance_profile": "upena-profile",
                            "id": "i-0a07e59b10514f7e4",
                            "instance_state": "running",
                            "instance_type": "r4.xlarge",
                            "key_name": "reco-prod",
                            "monitoring": "false",
                            "network_interface_id": "eni-8b8d11c8",
                            "private_dns": "ip-10-126-98-209.us-west-2.compute.internal",
                            "private_ip": "10.126.98.209",
                            "public_dns": "",
                            "public_ip": "",
                            "root_block_device.#": "1",
                            "root_block_device.0.delete_on_termination": "true",
                            "root_block_device.0.iops": "0",
                            "root_block_device.0.volume_size": "8",
                            "root_block_device.0.volume_type": "standard",
                            "security_groups.#": "0",
                            "source_dest_check": "true",
                            "subnet_id": "subnet-4ba5703d",
                            "tags.%": "7",
                            "tags.Account_name": "jive-reco-prod",
                            "tags.Jive_service": "upena",
                            "tags.Name": "prod-upena-wal-i7",
                            "tags.Pipeline_phase": "prod",
                            "tags.Region": "us-west-2",
                            "tags.SLA": "prod",
                            "tags.Service_component": "upena-wal",
                            "tenancy": "default",
                            "user_data": "50f17a6874daa70625669dc3325f5aeeabefe184",
                            "vpc_security_group_ids.#": "2",
                            "vpc_security_group_ids.1813709755": "sg-0e944976",
                            "vpc_security_group_ids.744384824": "sg-77687f10"
                        },
                        "meta": {
                            "schema_version": "1"
                        },
                        "tainted": false
                    },
                    "deposed": [],
                    "provider": ""
                },
                "aws_instance.upena_wal_i8": {
                    "type": "aws_instance",
                    "depends_on": [
                        "aws_security_group.upena_wal_sg"
                    ],
                    "primary": {
                        "id": "i-0b1081b01d5b1cc51",
                        "attributes": {
                            "ami": "ami-1e299d7e",
                            "associate_public_ip_address": "false",
                            "availability_zone": "us-west-2b",
                            "disable_api_termination": "false",
                            "ebs_block_device.#": "4",
                            "ebs_block_device.2630216116.delete_on_termination": "false",
                            "ebs_block_device.2630216116.device_name": "/dev/sde",
                            "ebs_block_device.2630216116.encrypted": "true",
                            "ebs_block_device.2630216116.iops": "0",
                            "ebs_block_device.2630216116.snapshot_id": "",
                            "ebs_block_device.2630216116.volume_size": "2000",
                            "ebs_block_device.2630216116.volume_type": "st1",
                            "ebs_block_device.2634515331.delete_on_termination": "false",
                            "ebs_block_device.2634515331.device_name": "/dev/sdd",
                            "ebs_block_device.2634515331.encrypted": "true",
                            "ebs_block_device.2634515331.iops": "0",
                            "ebs_block_device.2634515331.snapshot_id": "",
                            "ebs_block_device.2634515331.volume_size": "500",
                            "ebs_block_device.2634515331.volume_type": "st1",
                            "ebs_block_device.2659407853.delete_on_termination": "false",
                            "ebs_block_device.2659407853.device_name": "/dev/sdf",
                            "ebs_block_device.2659407853.encrypted": "true",
                            "ebs_block_device.2659407853.iops": "0",
                            "ebs_block_device.2659407853.snapshot_id": "",
                            "ebs_block_device.2659407853.volume_size": "2000",
                            "ebs_block_device.2659407853.volume_type": "st1",
                            "ebs_block_device.2671853018.delete_on_termination": "false",
                            "ebs_block_device.2671853018.device_name": "/dev/sdg",
                            "ebs_block_device.2671853018.encrypted": "true",
                            "ebs_block_device.2671853018.iops": "0",
                            "ebs_block_device.2671853018.snapshot_id": "",
                            "ebs_block_device.2671853018.volume_size": "2000",
                            "ebs_block_device.2671853018.volume_type": "st1",
                            "ebs_optimized": "true",
                            "ephemeral_block_device.#": "0",
                            "iam_instance_profile": "upena-profile",
                            "id": "i-0b1081b01d5b1cc51",
                            "instance_state": "running",
                            "instance_type": "r4.xlarge",
                            "key_name": "reco-prod",
                            "monitoring": "false",
                            "network_interface_id": "eni-e3fee092",
                            "private_dns": "ip-10-126-102-213.us-west-2.compute.internal",
                            "private_ip": "10.126.102.213",
                            "public_dns": "",
                            "public_ip": "",
                            "root_block_device.#": "1",
                            "root_block_device.0.delete_on_termination": "true",
                            "root_block_device.0.iops": "0",
                            "root_block_device.0.volume_size": "8",
                            "root_block_device.0.volume_type": "standard",
                            "security_groups.#": "0",
                            "source_dest_check": "true",
                            "subnet_id": "subnet-6178c805",
                            "tags.%": "7",
                            "tags.Account_name": "jive-reco-prod",
                            "tags.Jive_service": "upena",
                            "tags.Name": "prod-upena-wal-i8",
                            "tags.Pipeline_phase": "prod",
                            "tags.Region": "us-west-2",
                            "tags.SLA": "prod",
                            "tags.Service_component": "upena-wal",
                            "tenancy": "default",
                            "user_data": "50f17a6874daa70625669dc3325f5aeeabefe184",
                            "vpc_security_group_ids.#": "2",
                            "vpc_security_group_ids.1813709755": "sg-0e944976",
                            "vpc_security_group_ids.744384824": "sg-77687f10"
                        },
                        "meta": {
                            "schema_version": "1"
                        },
                        "tainted": false
                    },
                    "deposed": [],
                    "provider": ""
                },
                "aws_instance.upena_wal_i9": {
                    "type": "aws_instance",
                    "depends_on": [
                        "aws_security_group.upena_wal_sg"
                    ],
                    "primary": {
                        "id": "i-067f191eb75a3a594",
                        "attributes": {
                            "ami": "ami-1e299d7e",
                            "associate_public_ip_address": "false",
                            "availability_zone": "us-west-2c",
                            "disable_api_termination": "false",
                            "ebs_block_device.#": "4",
                            "ebs_block_device.2630216116.delete_on_termination": "false",
                            "ebs_block_device.2630216116.device_name": "/dev/sde",
                            "ebs_block_device.2630216116.encrypted": "true",
                            "ebs_block_device.2630216116.iops": "0",
                            "ebs_block_device.2630216116.snapshot_id": "",
                            "ebs_block_device.2630216116.volume_size": "2000",
                            "ebs_block_device.2630216116.volume_type": "st1",
                            "ebs_block_device.2634515331.delete_on_termination": "false",
                            "ebs_block_device.2634515331.device_name": "/dev/sdd",
                            "ebs_block_device.2634515331.encrypted": "true",
                            "ebs_block_device.2634515331.iops": "0",
                            "ebs_block_device.2634515331.snapshot_id": "",
                            "ebs_block_device.2634515331.volume_size": "500",
                            "ebs_block_device.2634515331.volume_type": "st1",
                            "ebs_block_device.2659407853.delete_on_termination": "false",
                            "ebs_block_device.2659407853.device_name": "/dev/sdf",
                            "ebs_block_device.2659407853.encrypted": "true",
                            "ebs_block_device.2659407853.iops": "0",
                            "ebs_block_device.2659407853.snapshot_id": "",
                            "ebs_block_device.2659407853.volume_size": "2000",
                            "ebs_block_device.2659407853.volume_type": "st1",
                            "ebs_block_device.2671853018.delete_on_termination": "false",
                            "ebs_block_device.2671853018.device_name": "/dev/sdg",
                            "ebs_block_device.2671853018.encrypted": "true",
                            "ebs_block_device.2671853018.iops": "0",
                            "ebs_block_device.2671853018.snapshot_id": "",
                            "ebs_block_device.2671853018.volume_size": "2000",
                            "ebs_block_device.2671853018.volume_type": "st1",
                            "ebs_optimized": "true",
                            "ephemeral_block_device.#": "0",
                            "iam_instance_profile": "upena-profile",
                            "id": "i-067f191eb75a3a594",
                            "instance_state": "running",
                            "instance_type": "r4.xlarge",
                            "key_name": "reco-prod",
                            "monitoring": "false",
                            "network_interface_id": "eni-f3d4e3a3",
                            "private_dns": "ip-10-126-107-45.us-west-2.compute.internal",
                            "private_ip": "10.126.107.45",
                            "public_dns": "",
                            "public_ip": "",
                            "root_block_device.#": "1",
                            "root_block_device.0.delete_on_termination": "true",
                            "root_block_device.0.iops": "0",
                            "root_block_device.0.volume_size": "8",
                            "root_block_device.0.volume_type": "standard",
                            "security_groups.#": "0",
                            "source_dest_check": "true",
                            "subnet_id": "subnet-6be90c33",
                            "tags.%": "7",
                            "tags.Account_name": "jive-reco-prod",
                            "tags.Jive_service": "upena",
                            "tags.Name": "prod-upena-wal-i9",
                            "tags.Pipeline_phase": "prod",
                            "tags.Region": "us-west-2",
                            "tags.SLA": "prod",
                            "tags.Service_component": "upena-wal",
                            "tenancy": "default",
                            "user_data": "50f17a6874daa70625669dc3325f5aeeabefe184",
                            "vpc_security_group_ids.#": "2",
                            "vpc_security_group_ids.1813709755": "sg-0e944976",
                            "vpc_security_group_ids.744384824": "sg-77687f10"
                        },
                        "meta": {
                            "schema_version": "1"
                        },
                        "tainted": false
                    },
                    "deposed": [],
                    "provider": ""
                },
                "aws_route53_record.upena_wal_ri1": {
                    "type": "aws_route53_record",
                    "depends_on": [
                        "aws_instance.upena_wal_i1"
                    ],
                    "primary": {
                        "id": "Z3G5VQCYCT435Y_prod-upena-wal-i1_A",
                        "attributes": {
                            "fqdn": "prod-upena-wal-i1.jiveprivate.com",
                            "health_check_id": "",
                            "id": "Z3G5VQCYCT435Y_prod-upena-wal-i1_A",
                            "name": "prod-upena-wal-i1",
                            "records.#": "1",
                            "records.2315037833": "10.126.96.187",
                            "set_identifier": "",
                            "ttl": "60",
                            "type": "A",
                            "zone_id": "Z3G5VQCYCT435Y"
                        },
                        "meta": {
                            "schema_version": "2"
                        },
                        "tainted": false
                    },
                    "deposed": [],
                    "provider": ""
                },
                "aws_route53_record.upena_wal_ri2": {
                    "type": "aws_route53_record",
                    "depends_on": [
                        "aws_instance.upena_wal_i2"
                    ],
                    "primary": {
                        "id": "Z3G5VQCYCT435Y_prod-upena-wal-i2_A",
                        "attributes": {
                            "fqdn": "prod-upena-wal-i2.jiveprivate.com",
                            "health_check_id": "",
                            "id": "Z3G5VQCYCT435Y_prod-upena-wal-i2_A",
                            "name": "prod-upena-wal-i2",
                            "records.#": "1",
                            "records.728830784": "10.126.101.159",
                            "set_identifier": "",
                            "ttl": "60",
                            "type": "A",
                            "zone_id": "Z3G5VQCYCT435Y"
                        },
                        "meta": {
                            "schema_version": "2"
                        },
                        "tainted": false
                    },
                    "deposed": [],
                    "provider": ""
                },
                "aws_route53_record.upena_wal_ri3": {
                    "type": "aws_route53_record",
                    "depends_on": [
                        "aws_instance.upena_wal_i3"
                    ],
                    "primary": {
                        "id": "Z3G5VQCYCT435Y_prod-upena-wal-i3_A",
                        "attributes": {
                            "fqdn": "prod-upena-wal-i3.jiveprivate.com",
                            "health_check_id": "",
                            "id": "Z3G5VQCYCT435Y_prod-upena-wal-i3_A",
                            "name": "prod-upena-wal-i3",
                            "records.#": "1",
                            "records.3529289051": "10.126.106.197",
                            "set_identifier": "",
                            "ttl": "60",
                            "type": "A",
                            "zone_id": "Z3G5VQCYCT435Y"
                        },
                        "meta": {
                            "schema_version": "2"
                        },
                        "tainted": false
                    },
                    "deposed": [],
                    "provider": ""
                },
                "aws_route53_record.upena_wal_ri4": {
                    "type": "aws_route53_record",
                    "depends_on": [
                        "aws_instance.upena_wal_i4"
                    ],
                    "primary": {
                        "id": "Z3G5VQCYCT435Y_prod-upena-wal-i4_A",
                        "attributes": {
                            "fqdn": "prod-upena-wal-i4.jiveprivate.com",
                            "health_check_id": "",
                            "id": "Z3G5VQCYCT435Y_prod-upena-wal-i4_A",
                            "name": "prod-upena-wal-i4",
                            "records.#": "1",
                            "records.3874429874": "10.126.96.90",
                            "set_identifier": "",
                            "ttl": "60",
                            "type": "A",
                            "zone_id": "Z3G5VQCYCT435Y"
                        },
                        "meta": {
                            "schema_version": "2"
                        },
                        "tainted": false
                    },
                    "deposed": [],
                    "provider": ""
                },
                "aws_route53_record.upena_wal_ri5": {
                    "type": "aws_route53_record",
                    "depends_on": [
                        "aws_instance.upena_wal_i5"
                    ],
                    "primary": {
                        "id": "Z3G5VQCYCT435Y_prod-upena-wal-i5_A",
                        "attributes": {
                            "fqdn": "prod-upena-wal-i5.jiveprivate.com",
                            "health_check_id": "",
                            "id": "Z3G5VQCYCT435Y_prod-upena-wal-i5_A",
                            "name": "prod-upena-wal-i5",
                            "records.#": "1",
                            "records.2768853185": "10.126.103.27",
                            "set_identifier": "",
                            "ttl": "60",
                            "type": "A",
                            "zone_id": "Z3G5VQCYCT435Y"
                        },
                        "meta": {
                            "schema_version": "2"
                        },
                        "tainted": false
                    },
                    "deposed": [],
                    "provider": ""
                },
                "aws_route53_record.upena_wal_ri6": {
                    "type": "aws_route53_record",
                    "depends_on": [
                        "aws_instance.upena_wal_i6"
                    ],
                    "primary": {
                        "id": "Z3G5VQCYCT435Y_prod-upena-wal-i6_A",
                        "attributes": {
                            "fqdn": "prod-upena-wal-i6.jiveprivate.com",
                            "health_check_id": "",
                            "id": "Z3G5VQCYCT435Y_prod-upena-wal-i6_A",
                            "name": "prod-upena-wal-i6",
                            "records.#": "1",
                            "records.1265117168": "10.126.104.127",
                            "set_identifier": "",
                            "ttl": "60",
                            "type": "A",
                            "zone_id": "Z3G5VQCYCT435Y"
                        },
                        "meta": {
                            "schema_version": "2"
                        },
                        "tainted": false
                    },
                    "deposed": [],
                    "provider": ""
                },
                "aws_route53_record.upena_wal_ri7": {
                    "type": "aws_route53_record",
                    "depends_on": [
                        "aws_instance.upena_wal_i7"
                    ],
                    "primary": {
                        "id": "Z3G5VQCYCT435Y_prod-upena-wal-i7_A",
                        "attributes": {
                            "fqdn": "prod-upena-wal-i7.jiveprivate.com",
                            "health_check_id": "",
                            "id": "Z3G5VQCYCT435Y_prod-upena-wal-i7_A",
                            "name": "prod-upena-wal-i7",
                            "records.#": "1",
                            "records.468388798": "10.126.98.209",
                            "set_identifier": "",
                            "ttl": "60",
                            "type": "A",
                            "zone_id": "Z3G5VQCYCT435Y"
                        },
                        "meta": {
                            "schema_version": "2"
                        },
                        "tainted": false
                    },
                    "deposed": [],
                    "provider": ""
                },
                "aws_route53_record.upena_wal_ri8": {
                    "type": "aws_route53_record",
                    "depends_on": [
                        "aws_instance.upena_wal_i8"
                    ],
                    "primary": {
                        "id": "Z3G5VQCYCT435Y_prod-upena-wal-i8_A",
                        "attributes": {
                            "fqdn": "prod-upena-wal-i8.jiveprivate.com",
                            "health_check_id": "",
                            "id": "Z3G5VQCYCT435Y_prod-upena-wal-i8_A",
                            "name": "prod-upena-wal-i8",
                            "records.#": "1",
                            "records.3928947667": "10.126.102.213",
                            "set_identifier": "",
                            "ttl": "60",
                            "type": "A",
                            "zone_id": "Z3G5VQCYCT435Y"
                        },
                        "meta": {
                            "schema_version": "2"
                        },
                        "tainted": false
                    },
                    "deposed": [],
                    "provider": ""
                },
                "aws_route53_record.upena_wal_ri9": {
                    "type": "aws_route53_record",
                    "depends_on": [
                        "aws_instance.upena_wal_i9"
                    ],
                    "primary": {
                        "id": "Z3G5VQCYCT435Y_prod-upena-wal-i9_A",
                        "attributes": {
                            "fqdn": "prod-upena-wal-i9.jiveprivate.com",
                            "health_check_id": "",
                            "id": "Z3G5VQCYCT435Y_prod-upena-wal-i9_A",
                            "name": "prod-upena-wal-i9",
                            "records.#": "1",
                            "records.2453604668": "10.126.107.45",
                            "set_identifier": "",
                            "ttl": "60",
                            "type": "A",
                            "zone_id": "Z3G5VQCYCT435Y"
                        },
                        "meta": {
                            "schema_version": "2"
                        },
                        "tainted": false
                    },
                    "deposed": [],
                    "provider": ""
                },
                "aws_security_group.upena_wal_sg": {
                    "type": "aws_security_group",
                    "depends_on": [],
                    "primary": {
                        "id": "sg-0e944976",
                        "attributes": {
                            "description": "Allows necessary communication between upena-wal instances",
                            "egress.#": "0",
                            "id": "sg-0e944976",
                            "ingress.#": "2",
                            "ingress.1251094559.cidr_blocks.#": "1",
                            "ingress.1251094559.cidr_blocks.0": "0.0.0.0/0",
                            "ingress.1251094559.from_port": "1175",
                            "ingress.1251094559.protocol": "tcp",
                            "ingress.1251094559.security_groups.#": "0",
                            "ingress.1251094559.self": "false",
                            "ingress.1251094559.to_port": "1175",
                            "ingress.3258786324.cidr_blocks.#": "1",
                            "ingress.3258786324.cidr_blocks.0": "0.0.0.0/0",
                            "ingress.3258786324.from_port": "10000",
                            "ingress.3258786324.protocol": "tcp",
                            "ingress.3258786324.security_groups.#": "0",
                            "ingress.3258786324.self": "false",
                            "ingress.3258786324.to_port": "11000",
                            "name": "prod-upena-wal",
                            "owner_id": "870846026232",
                            "tags.%": "7",
                            "tags.Account_name": "jive-reco-prod",
                            "tags.Jive_service": "upena",
                            "tags.Name": "prod-upena-wal",
                            "tags.Pipeline_phase": "prod",
                            "tags.Region": "us-west-2",
                            "tags.SLA": "prod",
                            "tags.Service_component": "upena-wal",
                            "vpc_id": "vpc-e7883c83"
                        },
                        "meta": {},
                        "tainted": false
                    },
                    "deposed": [],
                    "provider": ""
                },
                "aws_volume_attachment.upena_wal_i1_av0": {
                    "type": "aws_volume_attachment",
                    "depends_on": [
                        "aws_ebs_volume.upena_wal_i1_v0",
                        "aws_instance.upena_wal_i1"
                    ],
                    "primary": {
                        "id": "vai-4230131513",
                        "attributes": {
                            "device_name": "/dev/sdd",
                            "force_detach": "true",
                            "id": "vai-4230131513",
                            "instance_id": "i-0d807aa4fb890e505",
                            "volume_id": "vol-0c26398b10f28eca7"
                        },
                        "meta": {},
                        "tainted": false
                    },
                    "deposed": [],
                    "provider": ""
                },
                "aws_volume_attachment.upena_wal_i1_av1": {
                    "type": "aws_volume_attachment",
                    "depends_on": [
                        "aws_ebs_volume.upena_wal_i1_v1",
                        "aws_instance.upena_wal_i1"
                    ],
                    "primary": {
                        "id": "vai-2708658903",
                        "attributes": {
                            "device_name": "/dev/sde",
                            "force_detach": "true",
                            "id": "vai-2708658903",
                            "instance_id": "i-0d807aa4fb890e505",
                            "volume_id": "vol-01df4c35275474b39"
                        },
                        "meta": {},
                        "tainted": false
                    },
                    "deposed": [],
                    "provider": ""
                },
                "aws_volume_attachment.upena_wal_i1_av2": {
                    "type": "aws_volume_attachment",
                    "depends_on": [
                        "aws_ebs_volume.upena_wal_i1_v2",
                        "aws_instance.upena_wal_i1"
                    ],
                    "primary": {
                        "id": "vai-3192291128",
                        "attributes": {
                            "device_name": "/dev/sdf",
                            "force_detach": "true",
                            "id": "vai-3192291128",
                            "instance_id": "i-0d807aa4fb890e505",
                            "volume_id": "vol-0533183f10daec613"
                        },
                        "meta": {},
                        "tainted": false
                    },
                    "deposed": [],
                    "provider": ""
                },
                "aws_volume_attachment.upena_wal_i1_av3": {
                    "type": "aws_volume_attachment",
                    "depends_on": [
                        "aws_ebs_volume.upena_wal_i1_v3",
                        "aws_instance.upena_wal_i1"
                    ],
                    "primary": {
                        "id": "vai-331841037",
                        "attributes": {
                            "device_name": "/dev/sdg",
                            "force_detach": "true",
                            "id": "vai-331841037",
                            "instance_id": "i-0d807aa4fb890e505",
                            "volume_id": "vol-06c76f8ba7325f9bb"
                        },
                        "meta": {},
                        "tainted": false
                    },
                    "deposed": [],
                    "provider": ""
                },
                "aws_volume_attachment.upena_wal_i2_av0": {
                    "type": "aws_volume_attachment",
                    "depends_on": [
                        "aws_ebs_volume.upena_wal_i2_v0",
                        "aws_instance.upena_wal_i2"
                    ],
                    "primary": {
                        "id": "vai-354854343",
                        "attributes": {
                            "device_name": "/dev/sdd",
                            "force_detach": "true",
                            "id": "vai-354854343",
                            "instance_id": "i-09bc1f2ec51515d3e",
                            "volume_id": "vol-05203ee940dd629e3"
                        },
                        "meta": {},
                        "tainted": false
                    },
                    "deposed": [],
                    "provider": ""
                },
                "aws_volume_attachment.upena_wal_i2_av1": {
                    "type": "aws_volume_attachment",
                    "depends_on": [
                        "aws_ebs_volume.upena_wal_i2_v1",
                        "aws_instance.upena_wal_i2"
                    ],
                    "primary": {
                        "id": "vai-1282522591",
                        "attributes": {
                            "device_name": "/dev/sde",
                            "force_detach": "true",
                            "id": "vai-1282522591",
                            "instance_id": "i-09bc1f2ec51515d3e",
                            "volume_id": "vol-0c12159385aa7a106"
                        },
                        "meta": {},
                        "tainted": false
                    },
                    "deposed": [],
                    "provider": ""
                },
                "aws_volume_attachment.upena_wal_i2_av2": {
                    "type": "aws_volume_attachment",
                    "depends_on": [
                        "aws_ebs_volume.upena_wal_i2_v2",
                        "aws_instance.upena_wal_i2"
                    ],
                    "primary": {
                        "id": "vai-4200299740",
                        "attributes": {
                            "device_name": "/dev/sdf",
                            "force_detach": "true",
                            "id": "vai-4200299740",
                            "instance_id": "i-09bc1f2ec51515d3e",
                            "volume_id": "vol-0412a17231ca6d11d"
                        },
                        "meta": {},
                        "tainted": false
                    },
                    "deposed": [],
                    "provider": ""
                },
                "aws_volume_attachment.upena_wal_i2_av3": {
                    "type": "aws_volume_attachment",
                    "depends_on": [
                        "aws_ebs_volume.upena_wal_i2_v3",
                        "aws_instance.upena_wal_i2"
                    ],
                    "primary": {
                        "id": "vai-3817397384",
                        "attributes": {
                            "device_name": "/dev/sdg",
                            "force_detach": "true",
                            "id": "vai-3817397384",
                            "instance_id": "i-09bc1f2ec51515d3e",
                            "volume_id": "vol-023d876fc1cf83596"
                        },
                        "meta": {},
                        "tainted": false
                    },
                    "deposed": [],
                    "provider": ""
                },
                "aws_volume_attachment.upena_wal_i3_av0": {
                    "type": "aws_volume_attachment",
                    "depends_on": [
                        "aws_ebs_volume.upena_wal_i3_v0",
                        "aws_instance.upena_wal_i3"
                    ],
                    "primary": {
                        "id": "vai-147380639",
                        "attributes": {
                            "device_name": "/dev/sdd",
                            "force_detach": "true",
                            "id": "vai-147380639",
                            "instance_id": "i-0b9f1fc37d8da8550",
                            "volume_id": "vol-0b64a433d9183e7a5"
                        },
                        "meta": {},
                        "tainted": false
                    },
                    "deposed": [],
                    "provider": ""
                },
                "aws_volume_attachment.upena_wal_i3_av1": {
                    "type": "aws_volume_attachment",
                    "depends_on": [
                        "aws_ebs_volume.upena_wal_i3_v1",
                        "aws_instance.upena_wal_i3"
                    ],
                    "primary": {
                        "id": "vai-785391286",
                        "attributes": {
                            "device_name": "/dev/sde",
                            "force_detach": "true",
                            "id": "vai-785391286",
                            "instance_id": "i-0b9f1fc37d8da8550",
                            "volume_id": "vol-072a267cdc5816408"
                        },
                        "meta": {},
                        "tainted": false
                    },
                    "deposed": [],
                    "provider": ""
                },
                "aws_volume_attachment.upena_wal_i3_av2": {
                    "type": "aws_volume_attachment",
                    "depends_on": [
                        "aws_ebs_volume.upena_wal_i3_v2",
                        "aws_instance.upena_wal_i3"
                    ],
                    "primary": {
                        "id": "vai-4284429381",
                        "attributes": {
                            "device_name": "/dev/sdf",
                            "force_detach": "true",
                            "id": "vai-4284429381",
                            "instance_id": "i-0b9f1fc37d8da8550",
                            "volume_id": "vol-0ed6436db685b988a"
                        },
                        "meta": {},
                        "tainted": false
                    },
                    "deposed": [],
                    "provider": ""
                },
                "aws_volume_attachment.upena_wal_i3_av3": {
                    "type": "aws_volume_attachment",
                    "depends_on": [
                        "aws_ebs_volume.upena_wal_i3_v3",
                        "aws_instance.upena_wal_i3"
                    ],
                    "primary": {
                        "id": "vai-1972750647",
                        "attributes": {
                            "device_name": "/dev/sdg",
                            "force_detach": "true",
                            "id": "vai-1972750647",
                            "instance_id": "i-0b9f1fc37d8da8550",
                            "volume_id": "vol-0ed094253d1f0728e"
                        },
                        "meta": {},
                        "tainted": false
                    },
                    "deposed": [],
                    "provider": ""
                },
                "aws_volume_attachment.upena_wal_i4_av0": {
                    "type": "aws_volume_attachment",
                    "depends_on": [
                        "aws_ebs_volume.upena_wal_i4_v0",
                        "aws_instance.upena_wal_i4"
                    ],
                    "primary": {
                        "id": "vai-3643764942",
                        "attributes": {
                            "device_name": "/dev/sdd",
                            "force_detach": "true",
                            "id": "vai-3643764942",
                            "instance_id": "i-0d77fb7ac79c0c23e",
                            "volume_id": "vol-0280f5ceff212c0b7"
                        },
                        "meta": {},
                        "tainted": false
                    },
                    "deposed": [],
                    "provider": ""
                },
                "aws_volume_attachment.upena_wal_i4_av1": {
                    "type": "aws_volume_attachment",
                    "depends_on": [
                        "aws_ebs_volume.upena_wal_i4_v1",
                        "aws_instance.upena_wal_i4"
                    ],
                    "primary": {
                        "id": "vai-1179728053",
                        "attributes": {
                            "device_name": "/dev/sde",
                            "force_detach": "true",
                            "id": "vai-1179728053",
                            "instance_id": "i-0d77fb7ac79c0c23e",
                            "volume_id": "vol-03ddb507f804bd954"
                        },
                        "meta": {},
                        "tainted": false
                    },
                    "deposed": [],
                    "provider": ""
                },
                "aws_volume_attachment.upena_wal_i4_av2": {
                    "type": "aws_volume_attachment",
                    "depends_on": [
                        "aws_ebs_volume.upena_wal_i4_v2",
                        "aws_instance.upena_wal_i4"
                    ],
                    "primary": {
                        "id": "vai-2499114062",
                        "attributes": {
                            "device_name": "/dev/sdf",
                            "force_detach": "true",
                            "id": "vai-2499114062",
                            "instance_id": "i-0d77fb7ac79c0c23e",
                            "volume_id": "vol-04dc16962e1072514"
                        },
                        "meta": {},
                        "tainted": false
                    },
                    "deposed": [],
                    "provider": ""
                },
                "aws_volume_attachment.upena_wal_i4_av3": {
                    "type": "aws_volume_attachment",
                    "depends_on": [
                        "aws_ebs_volume.upena_wal_i4_v3",
                        "aws_instance.upena_wal_i4"
                    ],
                    "primary": {
                        "id": "vai-756220087",
                        "attributes": {
                            "device_name": "/dev/sdg",
                            "force_detach": "true",
                            "id": "vai-756220087",
                            "instance_id": "i-0d77fb7ac79c0c23e",
                            "volume_id": "vol-061f2b18942700115"
                        },
                        "meta": {},
                        "tainted": false
                    },
                    "deposed": [],
                    "provider": ""
                },
                "aws_volume_attachment.upena_wal_i5_av0": {
                    "type": "aws_volume_attachment",
                    "depends_on": [
                        "aws_ebs_volume.upena_wal_i5_v0",
                        "aws_instance.upena_wal_i5"
                    ],
                    "primary": {
                        "id": "vai-1186339292",
                        "attributes": {
                            "device_name": "/dev/sdd",
                            "force_detach": "true",
                            "id": "vai-1186339292",
                            "instance_id": "i-0c4e45cb826dccbdd",
                            "volume_id": "vol-0d067133cb499f60e"
                        },
                        "meta": {},
                        "tainted": false
                    },
                    "deposed": [],
                    "provider": ""
                },
                "aws_volume_attachment.upena_wal_i5_av1": {
                    "type": "aws_volume_attachment",
                    "depends_on": [
                        "aws_ebs_volume.upena_wal_i5_v1",
                        "aws_instance.upena_wal_i5"
                    ],
                    "primary": {
                        "id": "vai-3601451842",
                        "attributes": {
                            "device_name": "/dev/sde",
                            "force_detach": "true",
                            "id": "vai-3601451842",
                            "instance_id": "i-0c4e45cb826dccbdd",
                            "volume_id": "vol-0cfc179a0965eba91"
                        },
                        "meta": {},
                        "tainted": false
                    },
                    "deposed": [],
                    "provider": ""
                },
                "aws_volume_attachment.upena_wal_i5_av2": {
                    "type": "aws_volume_attachment",
                    "depends_on": [
                        "aws_ebs_volume.upena_wal_i5_v2",
                        "aws_instance.upena_wal_i5"
                    ],
                    "primary": {
                        "id": "vai-2137126525",
                        "attributes": {
                            "device_name": "/dev/sdf",
                            "force_detach": "true",
                            "id": "vai-2137126525",
                            "instance_id": "i-0c4e45cb826dccbdd",
                            "volume_id": "vol-0d5f39de4e6c77ffa"
                        },
                        "meta": {},
                        "tainted": false
                    },
                    "deposed": [],
                    "provider": ""
                },
                "aws_volume_attachment.upena_wal_i5_av3": {
                    "type": "aws_volume_attachment",
                    "depends_on": [
                        "aws_ebs_volume.upena_wal_i5_v3",
                        "aws_instance.upena_wal_i5"
                    ],
                    "primary": {
                        "id": "vai-2836239932",
                        "attributes": {
                            "device_name": "/dev/sdg",
                            "force_detach": "true",
                            "id": "vai-2836239932",
                            "instance_id": "i-0c4e45cb826dccbdd",
                            "volume_id": "vol-021ea1348ce13516e"
                        },
                        "meta": {},
                        "tainted": false
                    },
                    "deposed": [],
                    "provider": ""
                },
                "aws_volume_attachment.upena_wal_i6_av0": {
                    "type": "aws_volume_attachment",
                    "depends_on": [
                        "aws_ebs_volume.upena_wal_i6_v0",
                        "aws_instance.upena_wal_i6"
                    ],
                    "primary": {
                        "id": "vai-2004637021",
                        "attributes": {
                            "device_name": "/dev/sdd",
                            "force_detach": "true",
                            "id": "vai-2004637021",
                            "instance_id": "i-000f2b50bf4ab4289",
                            "volume_id": "vol-078c110a92caeb088"
                        },
                        "meta": {},
                        "tainted": false
                    },
                    "deposed": [],
                    "provider": ""
                },
                "aws_volume_attachment.upena_wal_i6_av1": {
                    "type": "aws_volume_attachment",
                    "depends_on": [
                        "aws_ebs_volume.upena_wal_i6_v1",
                        "aws_instance.upena_wal_i6"
                    ],
                    "primary": {
                        "id": "vai-145340200",
                        "attributes": {
                            "device_name": "/dev/sde",
                            "force_detach": "true",
                            "id": "vai-145340200",
                            "instance_id": "i-000f2b50bf4ab4289",
                            "volume_id": "vol-09178f7749d12dea4"
                        },
                        "meta": {},
                        "tainted": false
                    },
                    "deposed": [],
                    "provider": ""
                },
                "aws_volume_attachment.upena_wal_i6_av2": {
                    "type": "aws_volume_attachment",
                    "depends_on": [
                        "aws_ebs_volume.upena_wal_i6_v2",
                        "aws_instance.upena_wal_i6"
                    ],
                    "primary": {
                        "id": "vai-927410362",
                        "attributes": {
                            "device_name": "/dev/sdf",
                            "force_detach": "true",
                            "id": "vai-927410362",
                            "instance_id": "i-000f2b50bf4ab4289",
                            "volume_id": "vol-0b872c9fb558ff442"
                        },
                        "meta": {},
                        "tainted": false
                    },
                    "deposed": [],
                    "provider": ""
                },
                "aws_volume_attachment.upena_wal_i6_av3": {
                    "type": "aws_volume_attachment",
                    "depends_on": [
                        "aws_ebs_volume.upena_wal_i6_v3",
                        "aws_instance.upena_wal_i6"
                    ],
                    "primary": {
                        "id": "vai-3077285160",
                        "attributes": {
                            "device_name": "/dev/sdg",
                            "force_detach": "true",
                            "id": "vai-3077285160",
                            "instance_id": "i-000f2b50bf4ab4289",
                            "volume_id": "vol-0162308e52ee20d05"
                        },
                        "meta": {},
                        "tainted": false
                    },
                    "deposed": [],
                    "provider": ""
                },
                "aws_volume_attachment.upena_wal_i7_av0": {
                    "type": "aws_volume_attachment",
                    "depends_on": [
                        "aws_ebs_volume.upena_wal_i7_v0",
                        "aws_instance.upena_wal_i7"
                    ],
                    "primary": {
                        "id": "vai-1567571629",
                        "attributes": {
                            "device_name": "/dev/sdd",
                            "force_detach": "true",
                            "id": "vai-1567571629",
                            "instance_id": "i-0a07e59b10514f7e4",
                            "volume_id": "vol-011fc44f6f59dcda4"
                        },
                        "meta": {},
                        "tainted": false
                    },
                    "deposed": [],
                    "provider": ""
                },
                "aws_volume_attachment.upena_wal_i7_av1": {
                    "type": "aws_volume_attachment",
                    "depends_on": [
                        "aws_ebs_volume.upena_wal_i7_v1",
                        "aws_instance.upena_wal_i7"
                    ],
                    "primary": {
                        "id": "vai-3738687610",
                        "attributes": {
                            "device_name": "/dev/sde",
                            "force_detach": "true",
                            "id": "vai-3738687610",
                            "instance_id": "i-0a07e59b10514f7e4",
                            "volume_id": "vol-0012d14c62d1ea635"
                        },
                        "meta": {},
                        "tainted": false
                    },
                    "deposed": [],
                    "provider": ""
                },
                "aws_volume_attachment.upena_wal_i7_av2": {
                    "type": "aws_volume_attachment",
                    "depends_on": [
                        "aws_ebs_volume.upena_wal_i7_v2",
                        "aws_instance.upena_wal_i7"
                    ],
                    "primary": {
                        "id": "vai-1629998812",
                        "attributes": {
                            "device_name": "/dev/sdf",
                            "force_detach": "true",
                            "id": "vai-1629998812",
                            "instance_id": "i-0a07e59b10514f7e4",
                            "volume_id": "vol-0517f0d9cc7ec661b"
                        },
                        "meta": {},
                        "tainted": false
                    },
                    "deposed": [],
                    "provider": ""
                },
                "aws_volume_attachment.upena_wal_i7_av3": {
                    "type": "aws_volume_attachment",
                    "depends_on": [
                        "aws_ebs_volume.upena_wal_i7_v3",
                        "aws_instance.upena_wal_i7"
                    ],
                    "primary": {
                        "id": "vai-369068166",
                        "attributes": {
                            "device_name": "/dev/sdg",
                            "force_detach": "true",
                            "id": "vai-369068166",
                            "instance_id": "i-0a07e59b10514f7e4",
                            "volume_id": "vol-0ca010fe40d8941b1"
                        },
                        "meta": {},
                        "tainted": false
                    },
                    "deposed": [],
                    "provider": ""
                },
                "aws_volume_attachment.upena_wal_i8_av0": {
                    "type": "aws_volume_attachment",
                    "depends_on": [
                        "aws_ebs_volume.upena_wal_i8_v0",
                        "aws_instance.upena_wal_i8"
                    ],
                    "primary": {
                        "id": "vai-1894211160",
                        "attributes": {
                            "device_name": "/dev/sdd",
                            "force_detach": "true",
                            "id": "vai-1894211160",
                            "instance_id": "i-0b1081b01d5b1cc51",
                            "volume_id": "vol-0b98d1cda125a60d3"
                        },
                        "meta": {},
                        "tainted": false
                    },
                    "deposed": [],
                    "provider": ""
                },
                "aws_volume_attachment.upena_wal_i8_av1": {
                    "type": "aws_volume_attachment",
                    "depends_on": [
                        "aws_ebs_volume.upena_wal_i8_v1",
                        "aws_instance.upena_wal_i8"
                    ],
                    "primary": {
                        "id": "vai-2686512930",
                        "attributes": {
                            "device_name": "/dev/sde",
                            "force_detach": "true",
                            "id": "vai-2686512930",
                            "instance_id": "i-0b1081b01d5b1cc51",
                            "volume_id": "vol-0e7a2ae4540274c40"
                        },
                        "meta": {},
                        "tainted": false
                    },
                    "deposed": [],
                    "provider": ""
                },
                "aws_volume_attachment.upena_wal_i8_av2": {
                    "type": "aws_volume_attachment",
                    "depends_on": [
                        "aws_ebs_volume.upena_wal_i8_v2",
                        "aws_instance.upena_wal_i8"
                    ],
                    "primary": {
                        "id": "vai-3459617573",
                        "attributes": {
                            "device_name": "/dev/sdf",
                            "force_detach": "true",
                            "id": "vai-3459617573",
                            "instance_id": "i-0b1081b01d5b1cc51",
                            "volume_id": "vol-0d402d85adc4a970f"
                        },
                        "meta": {},
                        "tainted": false
                    },
                    "deposed": [],
                    "provider": ""
                },
                "aws_volume_attachment.upena_wal_i8_av3": {
                    "type": "aws_volume_attachment",
                    "depends_on": [
                        "aws_ebs_volume.upena_wal_i8_v3",
                        "aws_instance.upena_wal_i8"
                    ],
                    "primary": {
                        "id": "vai-23154318",
                        "attributes": {
                            "device_name": "/dev/sdg",
                            "force_detach": "true",
                            "id": "vai-23154318",
                            "instance_id": "i-0b1081b01d5b1cc51",
                            "volume_id": "vol-0b42ba207c81d06da"
                        },
                        "meta": {},
                        "tainted": false
                    },
                    "deposed": [],
                    "provider": ""
                },
                "aws_volume_attachment.upena_wal_i9_av0": {
                    "type": "aws_volume_attachment",
                    "depends_on": [
                        "aws_ebs_volume.upena_wal_i9_v0",
                        "aws_instance.upena_wal_i9"
                    ],
                    "primary": {
                        "id": "vai-329643549",
                        "attributes": {
                            "device_name": "/dev/sdd",
                            "force_detach": "true",
                            "id": "vai-329643549",
                            "instance_id": "i-067f191eb75a3a594",
                            "volume_id": "vol-0c95d2ebafe4716a5"
                        },
                        "meta": {},
                        "tainted": false
                    },
                    "deposed": [],
                    "provider": ""
                },
                "aws_volume_attachment.upena_wal_i9_av1": {
                    "type": "aws_volume_attachment",
                    "depends_on": [
                        "aws_ebs_volume.upena_wal_i9_v1",
                        "aws_instance.upena_wal_i9"
                    ],
                    "primary": {
                        "id": "vai-603849796",
                        "attributes": {
                            "device_name": "/dev/sde",
                            "force_detach": "true",
                            "id": "vai-603849796",
                            "instance_id": "i-067f191eb75a3a594",
                            "volume_id": "vol-08bb03739f595cecd"
                        },
                        "meta": {},
                        "tainted": false
                    },
                    "deposed": [],
                    "provider": ""
                },
                "aws_volume_attachment.upena_wal_i9_av2": {
                    "type": "aws_volume_attachment",
                    "depends_on": [
                        "aws_ebs_volume.upena_wal_i9_v2",
                        "aws_instance.upena_wal_i9"
                    ],
                    "primary": {
                        "id": "vai-3228049161",
                        "attributes": {
                            "device_name": "/dev/sdf",
                            "force_detach": "true",
                            "id": "vai-3228049161",
                            "instance_id": "i-067f191eb75a3a594",
                            "volume_id": "vol-0fe8cfb0b5d87f70c"
                        },
                        "meta": {},
                        "tainted": false
                    },
                    "deposed": [],
                    "provider": ""
                },
                "aws_volume_attachment.upena_wal_i9_av3": {
                    "type": "aws_volume_attachment",
                    "depends_on": [
                        "aws_ebs_volume.upena_wal_i9_v3",
                        "aws_instance.upena_wal_i9"
                    ],
                    "primary": {
                        "id": "vai-289349200",
                        "attributes": {
                            "device_name": "/dev/sdg",
                            "force_detach": "true",
                            "id": "vai-289349200",
                            "instance_id": "i-067f191eb75a3a594",
                            "volume_id": "vol-00fc5aefa997eea14"
                        },
                        "meta": {},
                        "tainted": false
                    },
                    "deposed": [],
                    "provider": ""
                }
            },
            "depends_on": []
        }
    ]
}
