{
    "version": 3,
    "terraform_version": "0.7.13",
    "serial": 2,
    "lineage": "eef6aa7b-f326-4ff8-8825-24268b165b7e",
    "modules": [
        {
            "path": [
                "root"
            ],
            "outputs": {},
            "resources": {
                "aws_ebs_volume.upena_miru_i1_v0": {
                    "type": "aws_ebs_volume",
                    "depends_on": [],
                    "primary": {
                        "id": "vol-05d1d2c4ee2314804",
                        "attributes": {
                            "availability_zone": "eu-central-1a",
                            "encrypted": "true",
                            "id": "vol-05d1d2c4ee2314804",
                            "size": "500",
                            "snapshot_id": "",
                            "tags.%": "7",
                            "tags.Account_name": "jive-reco-prod",
                            "tags.Jive_service": "upena",
                            "tags.Name": "prod-eu-upena-miru-i1-v0",
                            "tags.Pipeline_phase": "prod",
                            "tags.Region": "eu-central-1",
                            "tags.SLA": "prod",
                            "tags.Service_component": "upena-miru",
                            "type": "st1"
                        },
                        "meta": {},
                        "tainted": false
                    },
                    "deposed": [],
                    "provider": ""
                },
                "aws_ebs_volume.upena_miru_i1_v1": {
                    "type": "aws_ebs_volume",
                    "depends_on": [],
                    "primary": {
                        "id": "vol-0ea96ac5ecbefdef5",
                        "attributes": {
                            "availability_zone": "eu-central-1a",
                            "encrypted": "true",
                            "id": "vol-0ea96ac5ecbefdef5",
                            "kms_key_id": "arn:aws:kms:eu-central-1:870846026232:key/be31d235-8e4f-462a-adc1-b8ada3b4e045",
                            "size": "1000",
                            "snapshot_id": "",
                            "tags.%": "7",
                            "tags.Account_name": "jive-reco-prod",
                            "tags.Jive_service": "upena",
                            "tags.Name": "prod-eu-upena-miru-i1-v1",
                            "tags.Pipeline_phase": "prod",
                            "tags.Region": "eu-central-1",
                            "tags.SLA": "prod",
                            "tags.Service_component": "upena-miru",
                            "type": "st1"
                        },
                        "meta": {},
                        "tainted": false
                    },
                    "deposed": [],
                    "provider": ""
                },
                "aws_ebs_volume.upena_miru_i1_v2": {
                    "type": "aws_ebs_volume",
                    "depends_on": [],
                    "primary": {
                        "id": "vol-012137c8865bc7fc1",
                        "attributes": {
                            "availability_zone": "eu-central-1a",
                            "encrypted": "true",
                            "id": "vol-012137c8865bc7fc1",
                            "kms_key_id": "arn:aws:kms:eu-central-1:870846026232:key/be31d235-8e4f-462a-adc1-b8ada3b4e045",
                            "size": "1000",
                            "snapshot_id": "",
                            "tags.%": "7",
                            "tags.Account_name": "jive-reco-prod",
                            "tags.Jive_service": "upena",
                            "tags.Name": "prod-eu-upena-miru-i1-v2",
                            "tags.Pipeline_phase": "prod",
                            "tags.Region": "eu-central-1",
                            "tags.SLA": "prod",
                            "tags.Service_component": "upena-miru",
                            "type": "st1"
                        },
                        "meta": {},
                        "tainted": false
                    },
                    "deposed": [],
                    "provider": ""
                },
                "aws_ebs_volume.upena_miru_i1_v3": {
                    "type": "aws_ebs_volume",
                    "depends_on": [],
                    "primary": {
                        "id": "vol-06e8654a67c74fb8a",
                        "attributes": {
                            "availability_zone": "eu-central-1a",
                            "encrypted": "true",
                            "id": "vol-06e8654a67c74fb8a",
                            "kms_key_id": "arn:aws:kms:eu-central-1:870846026232:key/be31d235-8e4f-462a-adc1-b8ada3b4e045",
                            "size": "1000",
                            "snapshot_id": "",
                            "tags.%": "7",
                            "tags.Account_name": "jive-reco-prod",
                            "tags.Jive_service": "upena",
                            "tags.Name": "prod-eu-upena-miru-i1-v3",
                            "tags.Pipeline_phase": "prod",
                            "tags.Region": "eu-central-1",
                            "tags.SLA": "prod",
                            "tags.Service_component": "upena-miru",
                            "type": "st1"
                        },
                        "meta": {},
                        "tainted": false
                    },
                    "deposed": [],
                    "provider": ""
                },
                "aws_ebs_volume.upena_miru_i2_v0": {
                    "type": "aws_ebs_volume",
                    "depends_on": [],
                    "primary": {
                        "id": "vol-0852461c08d5e10fa",
                        "attributes": {
                            "availability_zone": "eu-central-1a",
                            "encrypted": "true",
                            "id": "vol-0852461c08d5e10fa",
                            "kms_key_id": "arn:aws:kms:eu-central-1:870846026232:key/be31d235-8e4f-462a-adc1-b8ada3b4e045",
                            "size": "500",
                            "snapshot_id": "",
                            "tags.%": "7",
                            "tags.Account_name": "jive-reco-prod",
                            "tags.Jive_service": "upena",
                            "tags.Name": "prod-eu-upena-miru-i2-v0",
                            "tags.Pipeline_phase": "prod",
                            "tags.Region": "eu-central-1",
                            "tags.SLA": "prod",
                            "tags.Service_component": "upena-miru",
                            "type": "st1"
                        },
                        "meta": {},
                        "tainted": false
                    },
                    "deposed": [],
                    "provider": ""
                },
                "aws_ebs_volume.upena_miru_i2_v1": {
                    "type": "aws_ebs_volume",
                    "depends_on": [],
                    "primary": {
                        "id": "vol-04ee2b1fa1e0b0bdc",
                        "attributes": {
                            "availability_zone": "eu-central-1a",
                            "encrypted": "true",
                            "id": "vol-04ee2b1fa1e0b0bdc",
                            "kms_key_id": "arn:aws:kms:eu-central-1:870846026232:key/be31d235-8e4f-462a-adc1-b8ada3b4e045",
                            "size": "1000",
                            "snapshot_id": "",
                            "tags.%": "7",
                            "tags.Account_name": "jive-reco-prod",
                            "tags.Jive_service": "upena",
                            "tags.Name": "prod-eu-upena-miru-i2-v1",
                            "tags.Pipeline_phase": "prod",
                            "tags.Region": "eu-central-1",
                            "tags.SLA": "prod",
                            "tags.Service_component": "upena-miru",
                            "type": "st1"
                        },
                        "meta": {},
                        "tainted": false
                    },
                    "deposed": [],
                    "provider": ""
                },
                "aws_ebs_volume.upena_miru_i2_v2": {
                    "type": "aws_ebs_volume",
                    "depends_on": [],
                    "primary": {
                        "id": "vol-0d74bb1c7105ce098",
                        "attributes": {
                            "availability_zone": "eu-central-1a",
                            "encrypted": "true",
                            "id": "vol-0d74bb1c7105ce098",
                            "kms_key_id": "arn:aws:kms:eu-central-1:870846026232:key/be31d235-8e4f-462a-adc1-b8ada3b4e045",
                            "size": "1000",
                            "snapshot_id": "",
                            "tags.%": "7",
                            "tags.Account_name": "jive-reco-prod",
                            "tags.Jive_service": "upena",
                            "tags.Name": "prod-eu-upena-miru-i2-v2",
                            "tags.Pipeline_phase": "prod",
                            "tags.Region": "eu-central-1",
                            "tags.SLA": "prod",
                            "tags.Service_component": "upena-miru",
                            "type": "st1"
                        },
                        "meta": {},
                        "tainted": false
                    },
                    "deposed": [],
                    "provider": ""
                },
                "aws_ebs_volume.upena_miru_i2_v3": {
                    "type": "aws_ebs_volume",
                    "depends_on": [],
                    "primary": {
                        "id": "vol-0ad83f5194d402bf9",
                        "attributes": {
                            "availability_zone": "eu-central-1a",
                            "encrypted": "true",
                            "id": "vol-0ad83f5194d402bf9",
                            "kms_key_id": "arn:aws:kms:eu-central-1:870846026232:key/be31d235-8e4f-462a-adc1-b8ada3b4e045",
                            "size": "1000",
                            "snapshot_id": "",
                            "tags.%": "7",
                            "tags.Account_name": "jive-reco-prod",
                            "tags.Jive_service": "upena",
                            "tags.Name": "prod-eu-upena-miru-i2-v3",
                            "tags.Pipeline_phase": "prod",
                            "tags.Region": "eu-central-1",
                            "tags.SLA": "prod",
                            "tags.Service_component": "upena-miru",
                            "type": "st1"
                        },
                        "meta": {},
                        "tainted": false
                    },
                    "deposed": [],
                    "provider": ""
                },
                "aws_ebs_volume.upena_miru_i3_v0": {
                    "type": "aws_ebs_volume",
                    "depends_on": [],
                    "primary": {
                        "id": "vol-0ce70afeeb71d6fa3",
                        "attributes": {
                            "availability_zone": "eu-central-1b",
                            "encrypted": "true",
                            "id": "vol-0ce70afeeb71d6fa3",
                            "kms_key_id": "arn:aws:kms:eu-central-1:870846026232:key/be31d235-8e4f-462a-adc1-b8ada3b4e045",
                            "size": "500",
                            "snapshot_id": "",
                            "tags.%": "7",
                            "tags.Account_name": "jive-reco-prod",
                            "tags.Jive_service": "upena",
                            "tags.Name": "prod-eu-upena-miru-i3-v0",
                            "tags.Pipeline_phase": "prod",
                            "tags.Region": "eu-central-1",
                            "tags.SLA": "prod",
                            "tags.Service_component": "upena-miru",
                            "type": "st1"
                        },
                        "meta": {},
                        "tainted": false
                    },
                    "deposed": [],
                    "provider": ""
                },
                "aws_ebs_volume.upena_miru_i3_v1": {
                    "type": "aws_ebs_volume",
                    "depends_on": [],
                    "primary": {
                        "id": "vol-0f685e9b96e613ef6",
                        "attributes": {
                            "availability_zone": "eu-central-1b",
                            "encrypted": "true",
                            "id": "vol-0f685e9b96e613ef6",
                            "kms_key_id": "arn:aws:kms:eu-central-1:870846026232:key/be31d235-8e4f-462a-adc1-b8ada3b4e045",
                            "size": "1000",
                            "snapshot_id": "",
                            "tags.%": "7",
                            "tags.Account_name": "jive-reco-prod",
                            "tags.Jive_service": "upena",
                            "tags.Name": "prod-eu-upena-miru-i3-v1",
                            "tags.Pipeline_phase": "prod",
                            "tags.Region": "eu-central-1",
                            "tags.SLA": "prod",
                            "tags.Service_component": "upena-miru",
                            "type": "st1"
                        },
                        "meta": {},
                        "tainted": false
                    },
                    "deposed": [],
                    "provider": ""
                },
                "aws_ebs_volume.upena_miru_i3_v2": {
                    "type": "aws_ebs_volume",
                    "depends_on": [],
                    "primary": {
                        "id": "vol-05866976fb2b5c4d1",
                        "attributes": {
                            "availability_zone": "eu-central-1b",
                            "encrypted": "true",
                            "id": "vol-05866976fb2b5c4d1",
                            "size": "1000",
                            "snapshot_id": "",
                            "tags.%": "7",
                            "tags.Account_name": "jive-reco-prod",
                            "tags.Jive_service": "upena",
                            "tags.Name": "prod-eu-upena-miru-i3-v2",
                            "tags.Pipeline_phase": "prod",
                            "tags.Region": "eu-central-1",
                            "tags.SLA": "prod",
                            "tags.Service_component": "upena-miru",
                            "type": "st1"
                        },
                        "meta": {},
                        "tainted": false
                    },
                    "deposed": [],
                    "provider": ""
                },
                "aws_ebs_volume.upena_miru_i3_v3": {
                    "type": "aws_ebs_volume",
                    "depends_on": [],
                    "primary": {
                        "id": "vol-0e08ef7eeeacc0f8d",
                        "attributes": {
                            "availability_zone": "eu-central-1b",
                            "encrypted": "true",
                            "id": "vol-0e08ef7eeeacc0f8d",
                            "kms_key_id": "arn:aws:kms:eu-central-1:870846026232:key/be31d235-8e4f-462a-adc1-b8ada3b4e045",
                            "size": "1000",
                            "snapshot_id": "",
                            "tags.%": "7",
                            "tags.Account_name": "jive-reco-prod",
                            "tags.Jive_service": "upena",
                            "tags.Name": "prod-eu-upena-miru-i3-v3",
                            "tags.Pipeline_phase": "prod",
                            "tags.Region": "eu-central-1",
                            "tags.SLA": "prod",
                            "tags.Service_component": "upena-miru",
                            "type": "st1"
                        },
                        "meta": {},
                        "tainted": false
                    },
                    "deposed": [],
                    "provider": ""
                },
                "aws_ebs_volume.upena_miru_i4_v0": {
                    "type": "aws_ebs_volume",
                    "depends_on": [],
                    "primary": {
                        "id": "vol-002fef9266d0a9031",
                        "attributes": {
                            "availability_zone": "eu-central-1b",
                            "encrypted": "true",
                            "id": "vol-002fef9266d0a9031",
                            "kms_key_id": "arn:aws:kms:eu-central-1:870846026232:key/be31d235-8e4f-462a-adc1-b8ada3b4e045",
                            "size": "500",
                            "snapshot_id": "",
                            "tags.%": "7",
                            "tags.Account_name": "jive-reco-prod",
                            "tags.Jive_service": "upena",
                            "tags.Name": "prod-eu-upena-miru-i4-v0",
                            "tags.Pipeline_phase": "prod",
                            "tags.Region": "eu-central-1",
                            "tags.SLA": "prod",
                            "tags.Service_component": "upena-miru",
                            "type": "st1"
                        },
                        "meta": {},
                        "tainted": false
                    },
                    "deposed": [],
                    "provider": ""
                },
                "aws_ebs_volume.upena_miru_i4_v1": {
                    "type": "aws_ebs_volume",
                    "depends_on": [],
                    "primary": {
                        "id": "vol-0e0a867874cc18b35",
                        "attributes": {
                            "availability_zone": "eu-central-1b",
                            "encrypted": "true",
                            "id": "vol-0e0a867874cc18b35",
                            "kms_key_id": "arn:aws:kms:eu-central-1:870846026232:key/be31d235-8e4f-462a-adc1-b8ada3b4e045",
                            "size": "1000",
                            "snapshot_id": "",
                            "tags.%": "7",
                            "tags.Account_name": "jive-reco-prod",
                            "tags.Jive_service": "upena",
                            "tags.Name": "prod-eu-upena-miru-i4-v1",
                            "tags.Pipeline_phase": "prod",
                            "tags.Region": "eu-central-1",
                            "tags.SLA": "prod",
                            "tags.Service_component": "upena-miru",
                            "type": "st1"
                        },
                        "meta": {},
                        "tainted": false
                    },
                    "deposed": [],
                    "provider": ""
                },
                "aws_ebs_volume.upena_miru_i4_v2": {
                    "type": "aws_ebs_volume",
                    "depends_on": [],
                    "primary": {
                        "id": "vol-0b67cdf15ef5e2ac2",
                        "attributes": {
                            "availability_zone": "eu-central-1b",
                            "encrypted": "true",
                            "id": "vol-0b67cdf15ef5e2ac2",
                            "kms_key_id": "arn:aws:kms:eu-central-1:870846026232:key/be31d235-8e4f-462a-adc1-b8ada3b4e045",
                            "size": "1000",
                            "snapshot_id": "",
                            "tags.%": "7",
                            "tags.Account_name": "jive-reco-prod",
                            "tags.Jive_service": "upena",
                            "tags.Name": "prod-eu-upena-miru-i4-v2",
                            "tags.Pipeline_phase": "prod",
                            "tags.Region": "eu-central-1",
                            "tags.SLA": "prod",
                            "tags.Service_component": "upena-miru",
                            "type": "st1"
                        },
                        "meta": {},
                        "tainted": false
                    },
                    "deposed": [],
                    "provider": ""
                },
                "aws_ebs_volume.upena_miru_i4_v3": {
                    "type": "aws_ebs_volume",
                    "depends_on": [],
                    "primary": {
                        "id": "vol-0a372263418d94d11",
                        "attributes": {
                            "availability_zone": "eu-central-1b",
                            "encrypted": "true",
                            "id": "vol-0a372263418d94d11",
                            "kms_key_id": "arn:aws:kms:eu-central-1:870846026232:key/be31d235-8e4f-462a-adc1-b8ada3b4e045",
                            "size": "1000",
                            "snapshot_id": "",
                            "tags.%": "7",
                            "tags.Account_name": "jive-reco-prod",
                            "tags.Jive_service": "upena",
                            "tags.Name": "prod-eu-upena-miru-i4-v3",
                            "tags.Pipeline_phase": "prod",
                            "tags.Region": "eu-central-1",
                            "tags.SLA": "prod",
                            "tags.Service_component": "upena-miru",
                            "type": "st1"
                        },
                        "meta": {},
                        "tainted": false
                    },
                    "deposed": [],
                    "provider": ""
                },
                "aws_instance.upena_miru_i1": {
                    "type": "aws_instance",
                    "depends_on": [
                        "aws_security_group.upena_miru_sg"
                    ],
                    "primary": {
                        "id": "i-03ab087e2df5471e9",
                        "attributes": {
                            "ami": "ami-af0fc0c0",
                            "associate_public_ip_address": "false",
                            "availability_zone": "eu-central-1a",
                            "disable_api_termination": "false",
                            "ebs_block_device.#": "3",
                            "ebs_block_device.2630216116.delete_on_termination": "false",
                            "ebs_block_device.2630216116.device_name": "/dev/sde",
                            "ebs_block_device.2630216116.encrypted": "true",
                            "ebs_block_device.2630216116.iops": "0",
                            "ebs_block_device.2630216116.snapshot_id": "",
                            "ebs_block_device.2630216116.volume_size": "1000",
                            "ebs_block_device.2630216116.volume_type": "st1",
                            "ebs_block_device.2659407853.delete_on_termination": "false",
                            "ebs_block_device.2659407853.device_name": "/dev/sdf",
                            "ebs_block_device.2659407853.encrypted": "true",
                            "ebs_block_device.2659407853.iops": "0",
                            "ebs_block_device.2659407853.snapshot_id": "",
                            "ebs_block_device.2659407853.volume_size": "1000",
                            "ebs_block_device.2659407853.volume_type": "st1",
                            "ebs_block_device.2671853018.delete_on_termination": "false",
                            "ebs_block_device.2671853018.device_name": "/dev/sdg",
                            "ebs_block_device.2671853018.encrypted": "true",
                            "ebs_block_device.2671853018.iops": "0",
                            "ebs_block_device.2671853018.snapshot_id": "",
                            "ebs_block_device.2671853018.volume_size": "1000",
                            "ebs_block_device.2671853018.volume_type": "st1",
                            "ebs_optimized": "true",
                            "ephemeral_block_device.#": "0",
                            "iam_instance_profile": "upena-profile",
                            "id": "i-03ab087e2df5471e9",
                            "instance_state": "running",
                            "instance_type": "r4.large",
                            "key_name": "reco-prod",
                            "monitoring": "false",
                            "network_interface_id": "eni-f1ffbf9d",
                            "private_dns": "ip-10-122-161-4.eu-central-1.compute.internal",
                            "private_ip": "10.122.161.4",
                            "public_dns": "",
                            "public_ip": "",
                            "root_block_device.#": "1",
                            "root_block_device.0.delete_on_termination": "true",
                            "root_block_device.0.iops": "0",
                            "root_block_device.0.volume_size": "8",
                            "root_block_device.0.volume_type": "standard",
                            "security_groups.#": "0",
                            "source_dest_check": "true",
                            "subnet_id": "subnet-27d34e4f",
                            "tags.%": "7",
                            "tags.Account_name": "jive-reco-prod",
                            "tags.Jive_service": "upena",
                            "tags.Name": "prod-eu-upena-miru-i1",
                            "tags.Pipeline_phase": "prod",
                            "tags.Region": "eu-central-1",
                            "tags.SLA": "prod",
                            "tags.Service_component": "upena-miru",
                            "tenancy": "default",
                            "user_data": "d9e4f53cbbe8ab046551b91d4fdda27559361624",
                            "vpc_security_group_ids.#": "2",
                            "vpc_security_group_ids.1319264357": "sg-655aa80e",
                            "vpc_security_group_ids.592348968": "sg-79f9f311"
                        },
                        "meta": {
                            "schema_version": "1"
                        },
                        "tainted": false
                    },
                    "deposed": [],
                    "provider": ""
                },
                "aws_instance.upena_miru_i2": {
                    "type": "aws_instance",
                    "depends_on": [
                        "aws_security_group.upena_miru_sg"
                    ],
                    "primary": {
                        "id": "i-06d9c84cc6e81090f",
                        "attributes": {
                            "ami": "ami-af0fc0c0",
                            "associate_public_ip_address": "false",
                            "availability_zone": "eu-central-1a",
                            "disable_api_termination": "false",
                            "ebs_block_device.#": "4",
                            "ebs_block_device.2630216116.delete_on_termination": "false",
                            "ebs_block_device.2630216116.device_name": "/dev/sde",
                            "ebs_block_device.2630216116.encrypted": "true",
                            "ebs_block_device.2630216116.iops": "0",
                            "ebs_block_device.2630216116.snapshot_id": "",
                            "ebs_block_device.2630216116.volume_size": "1000",
                            "ebs_block_device.2630216116.volume_type": "st1",
                            "ebs_block_device.2634515331.delete_on_termination": "false",
                            "ebs_block_device.2634515331.device_name": "/dev/sdd",
                            "ebs_block_device.2634515331.encrypted": "true",
                            "ebs_block_device.2634515331.iops": "0",
                            "ebs_block_device.2634515331.snapshot_id": "",
                            "ebs_block_device.2634515331.volume_size": "500",
                            "ebs_block_device.2634515331.volume_type": "st1",
                            "ebs_block_device.2659407853.delete_on_termination": "false",
                            "ebs_block_device.2659407853.device_name": "/dev/sdf",
                            "ebs_block_device.2659407853.encrypted": "true",
                            "ebs_block_device.2659407853.iops": "0",
                            "ebs_block_device.2659407853.snapshot_id": "",
                            "ebs_block_device.2659407853.volume_size": "1000",
                            "ebs_block_device.2659407853.volume_type": "st1",
                            "ebs_block_device.2671853018.delete_on_termination": "false",
                            "ebs_block_device.2671853018.device_name": "/dev/sdg",
                            "ebs_block_device.2671853018.encrypted": "true",
                            "ebs_block_device.2671853018.iops": "0",
                            "ebs_block_device.2671853018.snapshot_id": "",
                            "ebs_block_device.2671853018.volume_size": "1000",
                            "ebs_block_device.2671853018.volume_type": "st1",
                            "ebs_optimized": "true",
                            "ephemeral_block_device.#": "0",
                            "iam_instance_profile": "upena-profile",
                            "id": "i-06d9c84cc6e81090f",
                            "instance_state": "running",
                            "instance_type": "r4.large",
                            "key_name": "reco-prod",
                            "monitoring": "false",
                            "network_interface_id": "eni-39034055",
                            "private_dns": "ip-10-122-161-82.eu-central-1.compute.internal",
                            "private_ip": "10.122.161.82",
                            "public_dns": "",
                            "public_ip": "",
                            "root_block_device.#": "1",
                            "root_block_device.0.delete_on_termination": "true",
                            "root_block_device.0.iops": "0",
                            "root_block_device.0.volume_size": "8",
                            "root_block_device.0.volume_type": "standard",
                            "security_groups.#": "0",
                            "source_dest_check": "true",
                            "subnet_id": "subnet-27d34e4f",
                            "tags.%": "7",
                            "tags.Account_name": "jive-reco-prod",
                            "tags.Jive_service": "upena",
                            "tags.Name": "prod-eu-upena-miru-i2",
                            "tags.Pipeline_phase": "prod",
                            "tags.Region": "eu-central-1",
                            "tags.SLA": "prod",
                            "tags.Service_component": "upena-miru",
                            "tenancy": "default",
                            "user_data": "d9e4f53cbbe8ab046551b91d4fdda27559361624",
                            "vpc_security_group_ids.#": "2",
                            "vpc_security_group_ids.1319264357": "sg-655aa80e",
                            "vpc_security_group_ids.592348968": "sg-79f9f311"
                        },
                        "meta": {
                            "schema_version": "1"
                        },
                        "tainted": false
                    },
                    "deposed": [],
                    "provider": ""
                },
                "aws_instance.upena_miru_i3": {
                    "type": "aws_instance",
                    "depends_on": [
                        "aws_security_group.upena_miru_sg"
                    ],
                    "primary": {
                        "id": "i-0ed9e7a4dbaf8daab",
                        "attributes": {
                            "ami": "ami-af0fc0c0",
                            "associate_public_ip_address": "false",
                            "availability_zone": "eu-central-1b",
                            "disable_api_termination": "false",
                            "ebs_block_device.#": "3",
                            "ebs_block_device.2630216116.delete_on_termination": "false",
                            "ebs_block_device.2630216116.device_name": "/dev/sde",
                            "ebs_block_device.2630216116.encrypted": "true",
                            "ebs_block_device.2630216116.iops": "0",
                            "ebs_block_device.2630216116.snapshot_id": "",
                            "ebs_block_device.2630216116.volume_size": "1000",
                            "ebs_block_device.2630216116.volume_type": "st1",
                            "ebs_block_device.2634515331.delete_on_termination": "false",
                            "ebs_block_device.2634515331.device_name": "/dev/sdd",
                            "ebs_block_device.2634515331.encrypted": "true",
                            "ebs_block_device.2634515331.iops": "0",
                            "ebs_block_device.2634515331.snapshot_id": "",
                            "ebs_block_device.2634515331.volume_size": "500",
                            "ebs_block_device.2634515331.volume_type": "st1",
                            "ebs_block_device.2671853018.delete_on_termination": "false",
                            "ebs_block_device.2671853018.device_name": "/dev/sdg",
                            "ebs_block_device.2671853018.encrypted": "true",
                            "ebs_block_device.2671853018.iops": "0",
                            "ebs_block_device.2671853018.snapshot_id": "",
                            "ebs_block_device.2671853018.volume_size": "1000",
                            "ebs_block_device.2671853018.volume_type": "st1",
                            "ebs_optimized": "true",
                            "ephemeral_block_device.#": "0",
                            "iam_instance_profile": "upena-profile",
                            "id": "i-0ed9e7a4dbaf8daab",
                            "instance_state": "running",
                            "instance_type": "r4.large",
                            "key_name": "reco-prod",
                            "monitoring": "false",
                            "network_interface_id": "eni-6d4a9e13",
                            "private_dns": "ip-10-122-166-15.eu-central-1.compute.internal",
                            "private_ip": "10.122.166.15",
                            "public_dns": "",
                            "public_ip": "",
                            "root_block_device.#": "1",
                            "root_block_device.0.delete_on_termination": "true",
                            "root_block_device.0.iops": "0",
                            "root_block_device.0.volume_size": "8",
                            "root_block_device.0.volume_type": "standard",
                            "security_groups.#": "0",
                            "source_dest_check": "true",
                            "subnet_id": "subnet-87e640fd",
                            "tags.%": "7",
                            "tags.Account_name": "jive-reco-prod",
                            "tags.Jive_service": "upena",
                            "tags.Name": "prod-eu-upena-miru-i3",
                            "tags.Pipeline_phase": "prod",
                            "tags.Region": "eu-central-1",
                            "tags.SLA": "prod",
                            "tags.Service_component": "upena-miru",
                            "tenancy": "default",
                            "user_data": "d9e4f53cbbe8ab046551b91d4fdda27559361624",
                            "vpc_security_group_ids.#": "2",
                            "vpc_security_group_ids.1319264357": "sg-655aa80e",
                            "vpc_security_group_ids.592348968": "sg-79f9f311"
                        },
                        "meta": {
                            "schema_version": "1"
                        },
                        "tainted": false
                    },
                    "deposed": [],
                    "provider": ""
                },
                "aws_instance.upena_miru_i4": {
                    "type": "aws_instance",
                    "depends_on": [
                        "aws_security_group.upena_miru_sg"
                    ],
                    "primary": {
                        "id": "i-070344d6d68efb094",
                        "attributes": {
                            "ami": "ami-af0fc0c0",
                            "associate_public_ip_address": "false",
                            "availability_zone": "eu-central-1b",
                            "disable_api_termination": "false",
                            "ebs_block_device.#": "4",
                            "ebs_block_device.2630216116.delete_on_termination": "false",
                            "ebs_block_device.2630216116.device_name": "/dev/sde",
                            "ebs_block_device.2630216116.encrypted": "true",
                            "ebs_block_device.2630216116.iops": "0",
                            "ebs_block_device.2630216116.snapshot_id": "",
                            "ebs_block_device.2630216116.volume_size": "1000",
                            "ebs_block_device.2630216116.volume_type": "st1",
                            "ebs_block_device.2634515331.delete_on_termination": "false",
                            "ebs_block_device.2634515331.device_name": "/dev/sdd",
                            "ebs_block_device.2634515331.encrypted": "true",
                            "ebs_block_device.2634515331.iops": "0",
                            "ebs_block_device.2634515331.snapshot_id": "",
                            "ebs_block_device.2634515331.volume_size": "500",
                            "ebs_block_device.2634515331.volume_type": "st1",
                            "ebs_block_device.2659407853.delete_on_termination": "false",
                            "ebs_block_device.2659407853.device_name": "/dev/sdf",
                            "ebs_block_device.2659407853.encrypted": "true",
                            "ebs_block_device.2659407853.iops": "0",
                            "ebs_block_device.2659407853.snapshot_id": "",
                            "ebs_block_device.2659407853.volume_size": "1000",
                            "ebs_block_device.2659407853.volume_type": "st1",
                            "ebs_block_device.2671853018.delete_on_termination": "false",
                            "ebs_block_device.2671853018.device_name": "/dev/sdg",
                            "ebs_block_device.2671853018.encrypted": "true",
                            "ebs_block_device.2671853018.iops": "0",
                            "ebs_block_device.2671853018.snapshot_id": "",
                            "ebs_block_device.2671853018.volume_size": "1000",
                            "ebs_block_device.2671853018.volume_type": "st1",
                            "ebs_optimized": "true",
                            "ephemeral_block_device.#": "0",
                            "iam_instance_profile": "upena-profile",
                            "id": "i-070344d6d68efb094",
                            "instance_state": "running",
                            "instance_type": "r4.large",
                            "key_name": "reco-prod",
                            "monitoring": "false",
                            "network_interface_id": "eni-eb489c95",
                            "private_dns": "ip-10-122-165-139.eu-central-1.compute.internal",
                            "private_ip": "10.122.165.139",
                            "public_dns": "",
                            "public_ip": "",
                            "root_block_device.#": "1",
                            "root_block_device.0.delete_on_termination": "true",
                            "root_block_device.0.iops": "0",
                            "root_block_device.0.volume_size": "8",
                            "root_block_device.0.volume_type": "standard",
                            "security_groups.#": "0",
                            "source_dest_check": "true",
                            "subnet_id": "subnet-87e640fd",
                            "tags.%": "7",
                            "tags.Account_name": "jive-reco-prod",
                            "tags.Jive_service": "upena",
                            "tags.Name": "prod-eu-upena-miru-i4",
                            "tags.Pipeline_phase": "prod",
                            "tags.Region": "eu-central-1",
                            "tags.SLA": "prod",
                            "tags.Service_component": "upena-miru",
                            "tenancy": "default",
                            "user_data": "d9e4f53cbbe8ab046551b91d4fdda27559361624",
                            "vpc_security_group_ids.#": "2",
                            "vpc_security_group_ids.1319264357": "sg-655aa80e",
                            "vpc_security_group_ids.592348968": "sg-79f9f311"
                        },
                        "meta": {
                            "schema_version": "1"
                        },
                        "tainted": false
                    },
                    "deposed": [],
                    "provider": ""
                },
                "aws_route53_record.upena_miru_ri1": {
                    "type": "aws_route53_record",
                    "depends_on": [
                        "aws_instance.upena_miru_i1"
                    ],
                    "primary": {
                        "id": "Z3G5VQCYCT435Y_prod-eu-upena-miru-i1_A",
                        "attributes": {
                            "fqdn": "prod-eu-upena-miru-i1.jiveprivate.com",
                            "health_check_id": "",
                            "id": "Z3G5VQCYCT435Y_prod-eu-upena-miru-i1_A",
                            "name": "prod-eu-upena-miru-i1",
                            "records.#": "1",
                            "records.927256738": "10.122.161.4",
                            "set_identifier": "",
                            "ttl": "60",
                            "type": "A",
                            "zone_id": "Z3G5VQCYCT435Y"
                        },
                        "meta": {
                            "schema_version": "2"
                        },
                        "tainted": false
                    },
                    "deposed": [],
                    "provider": ""
                },
                "aws_route53_record.upena_miru_ri2": {
                    "type": "aws_route53_record",
                    "depends_on": [
                        "aws_instance.upena_miru_i2"
                    ],
                    "primary": {
                        "id": "Z3G5VQCYCT435Y_prod-eu-upena-miru-i2_A",
                        "attributes": {
                            "fqdn": "prod-eu-upena-miru-i2.jiveprivate.com",
                            "health_check_id": "",
                            "id": "Z3G5VQCYCT435Y_prod-eu-upena-miru-i2_A",
                            "name": "prod-eu-upena-miru-i2",
                            "records.#": "1",
                            "records.2391766805": "10.122.161.82",
                            "set_identifier": "",
                            "ttl": "60",
                            "type": "A",
                            "zone_id": "Z3G5VQCYCT435Y"
                        },
                        "meta": {
                            "schema_version": "2"
                        },
                        "tainted": false
                    },
                    "deposed": [],
                    "provider": ""
                },
                "aws_route53_record.upena_miru_ri3": {
                    "type": "aws_route53_record",
                    "depends_on": [
                        "aws_instance.upena_miru_i3"
                    ],
                    "primary": {
                        "id": "Z3G5VQCYCT435Y_prod-eu-upena-miru-i3_A",
                        "attributes": {
                            "fqdn": "prod-eu-upena-miru-i3.jiveprivate.com",
                            "health_check_id": "",
                            "id": "Z3G5VQCYCT435Y_prod-eu-upena-miru-i3_A",
                            "name": "prod-eu-upena-miru-i3",
                            "records.#": "1",
                            "records.1560174918": "10.122.166.15",
                            "set_identifier": "",
                            "ttl": "60",
                            "type": "A",
                            "zone_id": "Z3G5VQCYCT435Y"
                        },
                        "meta": {
                            "schema_version": "2"
                        },
                        "tainted": false
                    },
                    "deposed": [],
                    "provider": ""
                },
                "aws_route53_record.upena_miru_ri4": {
                    "type": "aws_route53_record",
                    "depends_on": [
                        "aws_instance.upena_miru_i4"
                    ],
                    "primary": {
                        "id": "Z3G5VQCYCT435Y_prod-eu-upena-miru-i4_A",
                        "attributes": {
                            "fqdn": "prod-eu-upena-miru-i4.jiveprivate.com",
                            "health_check_id": "",
                            "id": "Z3G5VQCYCT435Y_prod-eu-upena-miru-i4_A",
                            "name": "prod-eu-upena-miru-i4",
                            "records.#": "1",
                            "records.52338711": "10.122.165.139",
                            "set_identifier": "",
                            "ttl": "60",
                            "type": "A",
                            "zone_id": "Z3G5VQCYCT435Y"
                        },
                        "meta": {
                            "schema_version": "2"
                        },
                        "tainted": false
                    },
                    "deposed": [],
                    "provider": ""
                },
                "aws_security_group.upena_miru_sg": {
                    "type": "aws_security_group",
                    "depends_on": [],
                    "primary": {
                        "id": "sg-655aa80e",
                        "attributes": {
                            "description": "Allows necessary communication between upena-miru instances",
                            "egress.#": "0",
                            "id": "sg-655aa80e",
                            "ingress.#": "2",
                            "ingress.1251094559.cidr_blocks.#": "1",
                            "ingress.1251094559.cidr_blocks.0": "0.0.0.0/0",
                            "ingress.1251094559.from_port": "1175",
                            "ingress.1251094559.protocol": "tcp",
                            "ingress.1251094559.security_groups.#": "0",
                            "ingress.1251094559.self": "false",
                            "ingress.1251094559.to_port": "1175",
                            "ingress.3258786324.cidr_blocks.#": "1",
                            "ingress.3258786324.cidr_blocks.0": "0.0.0.0/0",
                            "ingress.3258786324.from_port": "10000",
                            "ingress.3258786324.protocol": "tcp",
                            "ingress.3258786324.security_groups.#": "0",
                            "ingress.3258786324.self": "false",
                            "ingress.3258786324.to_port": "11000",
                            "name": "prod-upena-miru",
                            "owner_id": "870846026232",
                            "tags.%": "7",
                            "tags.Account_name": "jive-reco-prod",
                            "tags.Jive_service": "upena",
                            "tags.Name": "prod-upena-miru",
                            "tags.Pipeline_phase": "prod",
                            "tags.Region": "eu-central-1",
                            "tags.SLA": "prod",
                            "tags.Service_component": "upena-miru",
                            "vpc_id": "vpc-d1528fb9"
                        },
                        "meta": {},
                        "tainted": false
                    },
                    "deposed": [],
                    "provider": ""
                },
                "aws_volume_attachment.upena_miru_i1_av0": {
                    "type": "aws_volume_attachment",
                    "depends_on": [
                        "aws_ebs_volume.upena_miru_i1_v0",
                        "aws_instance.upena_miru_i1"
                    ],
                    "primary": {
                        "id": "vai-1324371798",
                        "attributes": {
                            "device_name": "/dev/sdd",
                            "force_detach": "true",
                            "id": "vai-1324371798",
                            "instance_id": "i-03ab087e2df5471e9",
                            "volume_id": "vol-05d1d2c4ee2314804"
                        },
                        "meta": {},
                        "tainted": false
                    },
                    "deposed": [],
                    "provider": ""
                },
                "aws_volume_attachment.upena_miru_i1_av1": {
                    "type": "aws_volume_attachment",
                    "depends_on": [
                        "aws_ebs_volume.upena_miru_i1_v1",
                        "aws_instance.upena_miru_i1"
                    ],
                    "primary": {
                        "id": "vai-794297370",
                        "attributes": {
                            "device_name": "/dev/sde",
                            "force_detach": "true",
                            "id": "vai-794297370",
                            "instance_id": "i-03ab087e2df5471e9",
                            "volume_id": "vol-0ea96ac5ecbefdef5"
                        },
                        "meta": {},
                        "tainted": false
                    },
                    "deposed": [],
                    "provider": ""
                },
                "aws_volume_attachment.upena_miru_i1_av2": {
                    "type": "aws_volume_attachment",
                    "depends_on": [
                        "aws_ebs_volume.upena_miru_i1_v2",
                        "aws_instance.upena_miru_i1"
                    ],
                    "primary": {
                        "id": "vai-293121300",
                        "attributes": {
                            "device_name": "/dev/sdf",
                            "force_detach": "true",
                            "id": "vai-293121300",
                            "instance_id": "i-03ab087e2df5471e9",
                            "volume_id": "vol-012137c8865bc7fc1"
                        },
                        "meta": {},
                        "tainted": false
                    },
                    "deposed": [],
                    "provider": ""
                },
                "aws_volume_attachment.upena_miru_i1_av3": {
                    "type": "aws_volume_attachment",
                    "depends_on": [
                        "aws_ebs_volume.upena_miru_i1_v3",
                        "aws_instance.upena_miru_i1"
                    ],
                    "primary": {
                        "id": "vai-1562478720",
                        "attributes": {
                            "device_name": "/dev/sdg",
                            "force_detach": "true",
                            "id": "vai-1562478720",
                            "instance_id": "i-03ab087e2df5471e9",
                            "volume_id": "vol-06e8654a67c74fb8a"
                        },
                        "meta": {},
                        "tainted": false
                    },
                    "deposed": [],
                    "provider": ""
                },
                "aws_volume_attachment.upena_miru_i2_av0": {
                    "type": "aws_volume_attachment",
                    "depends_on": [
                        "aws_ebs_volume.upena_miru_i2_v0",
                        "aws_instance.upena_miru_i2"
                    ],
                    "primary": {
                        "id": "vai-3412177335",
                        "attributes": {
                            "device_name": "/dev/sdd",
                            "force_detach": "true",
                            "id": "vai-3412177335",
                            "instance_id": "i-06d9c84cc6e81090f",
                            "volume_id": "vol-0852461c08d5e10fa"
                        },
                        "meta": {},
                        "tainted": false
                    },
                    "deposed": [],
                    "provider": ""
                },
                "aws_volume_attachment.upena_miru_i2_av1": {
                    "type": "aws_volume_attachment",
                    "depends_on": [
                        "aws_ebs_volume.upena_miru_i2_v1",
                        "aws_instance.upena_miru_i2"
                    ],
                    "primary": {
                        "id": "vai-4244792322",
                        "attributes": {
                            "device_name": "/dev/sde",
                            "force_detach": "true",
                            "id": "vai-4244792322",
                            "instance_id": "i-06d9c84cc6e81090f",
                            "volume_id": "vol-04ee2b1fa1e0b0bdc"
                        },
                        "meta": {},
                        "tainted": false
                    },
                    "deposed": [],
                    "provider": ""
                },
                "aws_volume_attachment.upena_miru_i2_av2": {
                    "type": "aws_volume_attachment",
                    "depends_on": [
                        "aws_ebs_volume.upena_miru_i2_v2",
                        "aws_instance.upena_miru_i2"
                    ],
                    "primary": {
                        "id": "vai-2078157934",
                        "attributes": {
                            "device_name": "/dev/sdf",
                            "force_detach": "true",
                            "id": "vai-2078157934",
                            "instance_id": "i-06d9c84cc6e81090f",
                            "volume_id": "vol-0d74bb1c7105ce098"
                        },
                        "meta": {},
                        "tainted": false
                    },
                    "deposed": [],
                    "provider": ""
                },
                "aws_volume_attachment.upena_miru_i2_av3": {
                    "type": "aws_volume_attachment",
                    "depends_on": [
                        "aws_ebs_volume.upena_miru_i2_v3",
                        "aws_instance.upena_miru_i2"
                    ],
                    "primary": {
                        "id": "vai-1690715910",
                        "attributes": {
                            "device_name": "/dev/sdg",
                            "force_detach": "true",
                            "id": "vai-1690715910",
                            "instance_id": "i-06d9c84cc6e81090f",
                            "volume_id": "vol-0ad83f5194d402bf9"
                        },
                        "meta": {},
                        "tainted": false
                    },
                    "deposed": [],
                    "provider": ""
                },
                "aws_volume_attachment.upena_miru_i3_av0": {
                    "type": "aws_volume_attachment",
                    "depends_on": [
                        "aws_ebs_volume.upena_miru_i3_v0",
                        "aws_instance.upena_miru_i3"
                    ],
                    "primary": {
                        "id": "vai-4125726335",
                        "attributes": {
                            "device_name": "/dev/sdd",
                            "force_detach": "true",
                            "id": "vai-4125726335",
                            "instance_id": "i-0ed9e7a4dbaf8daab",
                            "volume_id": "vol-0ce70afeeb71d6fa3"
                        },
                        "meta": {},
                        "tainted": false
                    },
                    "deposed": [],
                    "provider": ""
                },
                "aws_volume_attachment.upena_miru_i3_av1": {
                    "type": "aws_volume_attachment",
                    "depends_on": [
                        "aws_ebs_volume.upena_miru_i3_v1",
                        "aws_instance.upena_miru_i3"
                    ],
                    "primary": {
                        "id": "vai-497339916",
                        "attributes": {
                            "device_name": "/dev/sde",
                            "force_detach": "true",
                            "id": "vai-497339916",
                            "instance_id": "i-0ed9e7a4dbaf8daab",
                            "volume_id": "vol-0f685e9b96e613ef6"
                        },
                        "meta": {},
                        "tainted": false
                    },
                    "deposed": [],
                    "provider": ""
                },
                "aws_volume_attachment.upena_miru_i3_av2": {
                    "type": "aws_volume_attachment",
                    "depends_on": [
                        "aws_ebs_volume.upena_miru_i3_v2",
                        "aws_instance.upena_miru_i3"
                    ],
                    "primary": {
                        "id": "vai-176768231",
                        "attributes": {
                            "device_name": "/dev/sdf",
                            "force_detach": "true",
                            "id": "vai-176768231",
                            "instance_id": "i-0ed9e7a4dbaf8daab",
                            "volume_id": "vol-05866976fb2b5c4d1"
                        },
                        "meta": {},
                        "tainted": false
                    },
                    "deposed": [],
                    "provider": ""
                },
                "aws_volume_attachment.upena_miru_i3_av3": {
                    "type": "aws_volume_attachment",
                    "depends_on": [
                        "aws_ebs_volume.upena_miru_i3_v3",
                        "aws_instance.upena_miru_i3"
                    ],
                    "primary": {
                        "id": "vai-4103634519",
                        "attributes": {
                            "device_name": "/dev/sdg",
                            "force_detach": "true",
                            "id": "vai-4103634519",
                            "instance_id": "i-0ed9e7a4dbaf8daab",
                            "volume_id": "vol-0e08ef7eeeacc0f8d"
                        },
                        "meta": {},
                        "tainted": false
                    },
                    "deposed": [],
                    "provider": ""
                },
                "aws_volume_attachment.upena_miru_i4_av0": {
                    "type": "aws_volume_attachment",
                    "depends_on": [
                        "aws_ebs_volume.upena_miru_i4_v0",
                        "aws_instance.upena_miru_i4"
                    ],
                    "primary": {
                        "id": "vai-341309488",
                        "attributes": {
                            "device_name": "/dev/sdd",
                            "force_detach": "true",
                            "id": "vai-341309488",
                            "instance_id": "i-070344d6d68efb094",
                            "volume_id": "vol-002fef9266d0a9031"
                        },
                        "meta": {},
                        "tainted": false
                    },
                    "deposed": [],
                    "provider": ""
                },
                "aws_volume_attachment.upena_miru_i4_av1": {
                    "type": "aws_volume_attachment",
                    "depends_on": [
                        "aws_ebs_volume.upena_miru_i4_v1",
                        "aws_instance.upena_miru_i4"
                    ],
                    "primary": {
                        "id": "vai-3821561826",
                        "attributes": {
                            "device_name": "/dev/sde",
                            "force_detach": "true",
                            "id": "vai-3821561826",
                            "instance_id": "i-070344d6d68efb094",
                            "volume_id": "vol-0e0a867874cc18b35"
                        },
                        "meta": {},
                        "tainted": false
                    },
                    "deposed": [],
                    "provider": ""
                },
                "aws_volume_attachment.upena_miru_i4_av2": {
                    "type": "aws_volume_attachment",
                    "depends_on": [
                        "aws_ebs_volume.upena_miru_i4_v2",
                        "aws_instance.upena_miru_i4"
                    ],
                    "primary": {
                        "id": "vai-444089023",
                        "attributes": {
                            "device_name": "/dev/sdf",
                            "force_detach": "true",
                            "id": "vai-444089023",
                            "instance_id": "i-070344d6d68efb094",
                            "volume_id": "vol-0b67cdf15ef5e2ac2"
                        },
                        "meta": {},
                        "tainted": false
                    },
                    "deposed": [],
                    "provider": ""
                },
                "aws_volume_attachment.upena_miru_i4_av3": {
                    "type": "aws_volume_attachment",
                    "depends_on": [
                        "aws_ebs_volume.upena_miru_i4_v3",
                        "aws_instance.upena_miru_i4"
                    ],
                    "primary": {
                        "id": "vai-3965370741",
                        "attributes": {
                            "device_name": "/dev/sdg",
                            "force_detach": "true",
                            "id": "vai-3965370741",
                            "instance_id": "i-070344d6d68efb094",
                            "volume_id": "vol-0a372263418d94d11"
                        },
                        "meta": {},
                        "tainted": false
                    },
                    "deposed": [],
                    "provider": ""
                }
            },
            "depends_on": []
        }
    ]
}
