{
    "version": 3,
    "terraform_version": "0.9.4",
    "serial": 2,
    "lineage": "05bedf88-6231-4d41-b1bf-68d4746c5413",
    "modules": [
        {
            "path": [
                "root"
            ],
            "outputs": {},
            "resources": {
                "aws_autoscaling_group.k8s_etcd_asg.0": {
                    "type": "aws_autoscaling_group",
                    "depends_on": [
                        "aws_eip.k8s_etcd_eip.*",
                        "aws_launch_configuration.k8s_etcd",
                        "data.aws_subnet.natdc.*",
                        "null_resource.k8s_cluster"
                    ],
                    "primary": {
                        "id": "prod-k8s-etcd-asg1",
                        "attributes": {
                            "arn": "arn:aws:autoscaling:us-east-1:663559125979:autoScalingGroup:b1ddcad8-0e8b-469d-990a-0f967df986d1:autoScalingGroupName/prod-k8s-etcd-asg1",
                            "availability_zones.#": "1",
                            "availability_zones.3569565595": "us-east-1a",
                            "default_cooldown": "300",
                            "desired_capacity": "1",
                            "force_delete": "false",
                            "health_check_grace_period": "300",
                            "health_check_type": "EC2",
                            "id": "prod-k8s-etcd-asg1",
                            "launch_configuration": "terraform-006fd8cb58ac5fbf9b2449b39c",
                            "load_balancers.#": "0",
                            "max_size": "1",
                            "metrics_granularity": "1Minute",
                            "min_size": "1",
                            "name": "prod-k8s-etcd-asg1",
                            "placement_group": "",
                            "protect_from_scale_in": "false",
                            "suspended_processes.#": "0",
                            "tag.#": "10",
                            "tag.1232775359.key": "Hostname",
                            "tag.1232775359.propagate_at_launch": "true",
                            "tag.1232775359.value": "us-east-1_jive-microservices-prod-etcd1",
                            "tag.1326138168.key": "KubernetesCluster",
                            "tag.1326138168.propagate_at_launch": "true",
                            "tag.1326138168.value": "us-east-1_jive-microservices-prod",
                            "tag.1644854335.key": "SLA",
                            "tag.1644854335.propagate_at_launch": "true",
                            "tag.1644854335.value": "none",
                            "tag.1976696368.key": "Name",
                            "tag.1976696368.propagate_at_launch": "true",
                            "tag.1976696368.value": "prod-k8s-etcd-instance",
                            "tag.2651257388.key": "Region",
                            "tag.2651257388.propagate_at_launch": "true",
                            "tag.2651257388.value": "us-east-1",
                            "tag.3187119633.key": "Service_component",
                            "tag.3187119633.propagate_at_launch": "true",
                            "tag.3187119633.value": "etcd",
                            "tag.3451346254.key": "Etcd_ip",
                            "tag.3451346254.propagate_at_launch": "true",
                            "tag.3451346254.value": "10.125.67.51",
                            "tag.3508996644.key": "K8s_cluster",
                            "tag.3508996644.propagate_at_launch": "true",
                            "tag.3508996644.value": "us-east-1_jive-microservices-prod",
                            "tag.3663295561.key": "Jive_service",
                            "tag.3663295561.propagate_at_launch": "true",
                            "tag.3663295561.value": "us-east-1_jive-microservices-prod",
                            "tag.3821981812.key": "Pipeline_phase",
                            "tag.3821981812.propagate_at_launch": "true",
                            "tag.3821981812.value": "prod",
                            "target_group_arns.#": "0",
                            "termination_policies.#": "0",
                            "vpc_zone_identifier.#": "1",
                            "vpc_zone_identifier.726630761": "subnet-f226c796",
                            "wait_for_capacity_timeout": "10m"
                        },
                        "meta": {},
                        "tainted": false
                    },
                    "deposed": [],
                    "provider": ""
                },
                "aws_autoscaling_group.k8s_etcd_asg.1": {
                    "type": "aws_autoscaling_group",
                    "depends_on": [
                        "aws_eip.k8s_etcd_eip.*",
                        "aws_launch_configuration.k8s_etcd",
                        "data.aws_subnet.natdc.*",
                        "null_resource.k8s_cluster"
                    ],
                    "primary": {
                        "id": "prod-k8s-etcd-asg2",
                        "attributes": {
                            "arn": "arn:aws:autoscaling:us-east-1:663559125979:autoScalingGroup:21aa92bb-16fa-46e4-afa0-c90b2379abcc:autoScalingGroupName/prod-k8s-etcd-asg2",
                            "availability_zones.#": "1",
                            "availability_zones.1305112097": "us-east-1b",
                            "default_cooldown": "300",
                            "desired_capacity": "1",
                            "force_delete": "false",
                            "health_check_grace_period": "300",
                            "health_check_type": "EC2",
                            "id": "prod-k8s-etcd-asg2",
                            "launch_configuration": "terraform-006fd8cb58ac5fbf9b2449b39c",
                            "load_balancers.#": "0",
                            "max_size": "1",
                            "metrics_granularity": "1Minute",
                            "min_size": "1",
                            "name": "prod-k8s-etcd-asg2",
                            "placement_group": "",
                            "protect_from_scale_in": "false",
                            "suspended_processes.#": "0",
                            "tag.#": "10",
                            "tag.1326138168.key": "KubernetesCluster",
                            "tag.1326138168.propagate_at_launch": "true",
                            "tag.1326138168.value": "us-east-1_jive-microservices-prod",
                            "tag.1644854335.key": "SLA",
                            "tag.1644854335.propagate_at_launch": "true",
                            "tag.1644854335.value": "none",
                            "tag.1976696368.key": "Name",
                            "tag.1976696368.propagate_at_launch": "true",
                            "tag.1976696368.value": "prod-k8s-etcd-instance",
                            "tag.2022879778.key": "Hostname",
                            "tag.2022879778.propagate_at_launch": "true",
                            "tag.2022879778.value": "us-east-1_jive-microservices-prod-etcd2",
                            "tag.2651257388.key": "Region",
                            "tag.2651257388.propagate_at_launch": "true",
                            "tag.2651257388.value": "us-east-1",
                            "tag.3187119633.key": "Service_component",
                            "tag.3187119633.propagate_at_launch": "true",
                            "tag.3187119633.value": "etcd",
                            "tag.3286559351.key": "Etcd_ip",
                            "tag.3286559351.propagate_at_launch": "true",
                            "tag.3286559351.value": "10.125.68.135",
                            "tag.3508996644.key": "K8s_cluster",
                            "tag.3508996644.propagate_at_launch": "true",
                            "tag.3508996644.value": "us-east-1_jive-microservices-prod",
                            "tag.3663295561.key": "Jive_service",
                            "tag.3663295561.propagate_at_launch": "true",
                            "tag.3663295561.value": "us-east-1_jive-microservices-prod",
                            "tag.3821981812.key": "Pipeline_phase",
                            "tag.3821981812.propagate_at_launch": "true",
                            "tag.3821981812.value": "prod",
                            "target_group_arns.#": "0",
                            "termination_policies.#": "0",
                            "vpc_zone_identifier.#": "1",
                            "vpc_zone_identifier.161648420": "subnet-09a03325",
                            "wait_for_capacity_timeout": "10m"
                        },
                        "meta": {},
                        "tainted": false
                    },
                    "deposed": [],
                    "provider": ""
                },
                "aws_autoscaling_group.k8s_etcd_asg.2": {
                    "type": "aws_autoscaling_group",
                    "depends_on": [
                        "aws_eip.k8s_etcd_eip.*",
                        "aws_launch_configuration.k8s_etcd",
                        "data.aws_subnet.natdc.*",
                        "null_resource.k8s_cluster"
                    ],
                    "primary": {
                        "id": "prod-k8s-etcd-asg3",
                        "attributes": {
                            "arn": "arn:aws:autoscaling:us-east-1:663559125979:autoScalingGroup:faf66f95-8826-41fa-a92b-e00c1f41a671:autoScalingGroupName/prod-k8s-etcd-asg3",
                            "availability_zones.#": "1",
                            "availability_zones.986537655": "us-east-1c",
                            "default_cooldown": "300",
                            "desired_capacity": "1",
                            "force_delete": "false",
                            "health_check_grace_period": "300",
                            "health_check_type": "EC2",
                            "id": "prod-k8s-etcd-asg3",
                            "launch_configuration": "terraform-006fd8cb58ac5fbf9b2449b39c",
                            "load_balancers.#": "0",
                            "max_size": "1",
                            "metrics_granularity": "1Minute",
                            "min_size": "1",
                            "name": "prod-k8s-etcd-asg3",
                            "placement_group": "",
                            "protect_from_scale_in": "false",
                            "suspended_processes.#": "0",
                            "tag.#": "10",
                            "tag.1326138168.key": "KubernetesCluster",
                            "tag.1326138168.propagate_at_launch": "true",
                            "tag.1326138168.value": "us-east-1_jive-microservices-prod",
                            "tag.1644854335.key": "SLA",
                            "tag.1644854335.propagate_at_launch": "true",
                            "tag.1644854335.value": "none",
                            "tag.1976696368.key": "Name",
                            "tag.1976696368.propagate_at_launch": "true",
                            "tag.1976696368.value": "prod-k8s-etcd-instance",
                            "tag.2651257388.key": "Region",
                            "tag.2651257388.propagate_at_launch": "true",
                            "tag.2651257388.value": "us-east-1",
                            "tag.2687950687.key": "Etcd_ip",
                            "tag.2687950687.propagate_at_launch": "true",
                            "tag.2687950687.value": "10.125.72.160",
                            "tag.3187119633.key": "Service_component",
                            "tag.3187119633.propagate_at_launch": "true",
                            "tag.3187119633.value": "etcd",
                            "tag.3508996644.key": "K8s_cluster",
                            "tag.3508996644.propagate_at_launch": "true",
                            "tag.3508996644.value": "us-east-1_jive-microservices-prod",
                            "tag.3663295561.key": "Jive_service",
                            "tag.3663295561.propagate_at_launch": "true",
                            "tag.3663295561.value": "us-east-1_jive-microservices-prod",
                            "tag.3739597206.key": "Hostname",
                            "tag.3739597206.propagate_at_launch": "true",
                            "tag.3739597206.value": "us-east-1_jive-microservices-prod-etcd3",
                            "tag.3821981812.key": "Pipeline_phase",
                            "tag.3821981812.propagate_at_launch": "true",
                            "tag.3821981812.value": "prod",
                            "target_group_arns.#": "0",
                            "termination_policies.#": "0",
                            "vpc_zone_identifier.#": "1",
                            "vpc_zone_identifier.1635692179": "subnet-3b347e73",
                            "wait_for_capacity_timeout": "10m"
                        },
                        "meta": {},
                        "tainted": false
                    },
                    "deposed": [],
                    "provider": ""
                },
                "aws_autoscaling_group.k8s_etcd_asg.3": {
                    "type": "aws_autoscaling_group",
                    "depends_on": [
                        "aws_eip.k8s_etcd_eip.*",
                        "aws_launch_configuration.k8s_etcd",
                        "data.aws_subnet.natdc.*",
                        "null_resource.k8s_cluster"
                    ],
                    "primary": {
                        "id": "prod-k8s-etcd-asg4",
                        "attributes": {
                            "arn": "arn:aws:autoscaling:us-east-1:663559125979:autoScalingGroup:edc7645b-3e82-4ac1-9175-e15bef9710c0:autoScalingGroupName/prod-k8s-etcd-asg4",
                            "availability_zones.#": "1",
                            "availability_zones.2762590996": "us-east-1d",
                            "default_cooldown": "300",
                            "desired_capacity": "1",
                            "force_delete": "false",
                            "health_check_grace_period": "300",
                            "health_check_type": "EC2",
                            "id": "prod-k8s-etcd-asg4",
                            "launch_configuration": "terraform-006fd8cb58ac5fbf9b2449b39c",
                            "load_balancers.#": "0",
                            "max_size": "1",
                            "metrics_granularity": "1Minute",
                            "min_size": "1",
                            "name": "prod-k8s-etcd-asg4",
                            "placement_group": "",
                            "protect_from_scale_in": "false",
                            "suspended_processes.#": "0",
                            "tag.#": "10",
                            "tag.1326138168.key": "KubernetesCluster",
                            "tag.1326138168.propagate_at_launch": "true",
                            "tag.1326138168.value": "us-east-1_jive-microservices-prod",
                            "tag.1644854335.key": "SLA",
                            "tag.1644854335.propagate_at_launch": "true",
                            "tag.1644854335.value": "none",
                            "tag.1976696368.key": "Name",
                            "tag.1976696368.propagate_at_launch": "true",
                            "tag.1976696368.value": "prod-k8s-etcd-instance",
                            "tag.2651257388.key": "Region",
                            "tag.2651257388.propagate_at_launch": "true",
                            "tag.2651257388.value": "us-east-1",
                            "tag.3187119633.key": "Service_component",
                            "tag.3187119633.propagate_at_launch": "true",
                            "tag.3187119633.value": "etcd",
                            "tag.3299173774.key": "Etcd_ip",
                            "tag.3299173774.propagate_at_launch": "true",
                            "tag.3299173774.value": "10.125.79.185",
                            "tag.3508996644.key": "K8s_cluster",
                            "tag.3508996644.propagate_at_launch": "true",
                            "tag.3508996644.value": "us-east-1_jive-microservices-prod",
                            "tag.3663295561.key": "Jive_service",
                            "tag.3663295561.propagate_at_launch": "true",
                            "tag.3663295561.value": "us-east-1_jive-microservices-prod",
                            "tag.3821981812.key": "Pipeline_phase",
                            "tag.3821981812.propagate_at_launch": "true",
                            "tag.3821981812.value": "prod",
                            "tag.457344792.key": "Hostname",
                            "tag.457344792.propagate_at_launch": "true",
                            "tag.457344792.value": "us-east-1_jive-microservices-prod-etcd4",
                            "target_group_arns.#": "0",
                            "termination_policies.#": "0",
                            "vpc_zone_identifier.#": "1",
                            "vpc_zone_identifier.670742664": "subnet-ff6ae1a5",
                            "wait_for_capacity_timeout": "10m"
                        },
                        "meta": {},
                        "tainted": false
                    },
                    "deposed": [],
                    "provider": ""
                },
                "aws_autoscaling_group.k8s_etcd_asg.4": {
                    "type": "aws_autoscaling_group",
                    "depends_on": [
                        "aws_eip.k8s_etcd_eip.*",
                        "aws_launch_configuration.k8s_etcd",
                        "data.aws_subnet.natdc.*",
                        "null_resource.k8s_cluster"
                    ],
                    "primary": {
                        "id": "prod-k8s-etcd-asg5",
                        "attributes": {
                            "arn": "arn:aws:autoscaling:us-east-1:663559125979:autoScalingGroup:cc18da9c-210d-4c1c-a61b-954b0448bab1:autoScalingGroupName/prod-k8s-etcd-asg5",
                            "availability_zones.#": "1",
                            "availability_zones.3551460226": "us-east-1e",
                            "default_cooldown": "300",
                            "desired_capacity": "1",
                            "force_delete": "false",
                            "health_check_grace_period": "300",
                            "health_check_type": "EC2",
                            "id": "prod-k8s-etcd-asg5",
                            "launch_configuration": "terraform-006fd8cb58ac5fbf9b2449b39c",
                            "load_balancers.#": "0",
                            "max_size": "1",
                            "metrics_granularity": "1Minute",
                            "min_size": "1",
                            "name": "prod-k8s-etcd-asg5",
                            "placement_group": "",
                            "protect_from_scale_in": "false",
                            "suspended_processes.#": "0",
                            "tag.#": "10",
                            "tag.1326138168.key": "KubernetesCluster",
                            "tag.1326138168.propagate_at_launch": "true",
                            "tag.1326138168.value": "us-east-1_jive-microservices-prod",
                            "tag.1644854335.key": "SLA",
                            "tag.1644854335.propagate_at_launch": "true",
                            "tag.1644854335.value": "none",
                            "tag.1768921291.key": "Etcd_ip",
                            "tag.1768921291.propagate_at_launch": "true",
                            "tag.1768921291.value": "10.125.83.49",
                            "tag.1976696368.key": "Name",
                            "tag.1976696368.propagate_at_launch": "true",
                            "tag.1976696368.value": "prod-k8s-etcd-instance",
                            "tag.2651257388.key": "Region",
                            "tag.2651257388.propagate_at_launch": "true",
                            "tag.2651257388.value": "us-east-1",
                            "tag.3174403244.key": "Hostname",
                            "tag.3174403244.propagate_at_launch": "true",
                            "tag.3174403244.value": "us-east-1_jive-microservices-prod-etcd5",
                            "tag.3187119633.key": "Service_component",
                            "tag.3187119633.propagate_at_launch": "true",
                            "tag.3187119633.value": "etcd",
                            "tag.3508996644.key": "K8s_cluster",
                            "tag.3508996644.propagate_at_launch": "true",
                            "tag.3508996644.value": "us-east-1_jive-microservices-prod",
                            "tag.3663295561.key": "Jive_service",
                            "tag.3663295561.propagate_at_launch": "true",
                            "tag.3663295561.value": "us-east-1_jive-microservices-prod",
                            "tag.3821981812.key": "Pipeline_phase",
                            "tag.3821981812.propagate_at_launch": "true",
                            "tag.3821981812.value": "prod",
                            "target_group_arns.#": "0",
                            "termination_policies.#": "0",
                            "vpc_zone_identifier.#": "1",
                            "vpc_zone_identifier.935661284": "subnet-f41714c8",
                            "wait_for_capacity_timeout": "10m"
                        },
                        "meta": {},
                        "tainted": false
                    },
                    "deposed": [],
                    "provider": ""
                },
                "aws_autoscaling_group.k8s_master": {
                    "type": "aws_autoscaling_group",
                    "depends_on": [
                        "aws_elb.k8s_master",
                        "aws_launch_configuration.k8s_master",
                        "null_resource.k8s_cluster"
                    ],
                    "primary": {
                        "id": "prod-k8s-master-asg1",
                        "attributes": {
                            "arn": "arn:aws:autoscaling:us-east-1:663559125979:autoScalingGroup:09791b61-fb42-44ed-8f98-9c5c737f0808:autoScalingGroupName/prod-k8s-master-asg1",
                            "availability_zones.#": "1",
                            "availability_zones.3569565595": "us-east-1a",
                            "default_cooldown": "300",
                            "desired_capacity": "1",
                            "force_delete": "false",
                            "health_check_grace_period": "300",
                            "health_check_type": "EC2",
                            "id": "prod-k8s-master-asg1",
                            "launch_configuration": "terraform-006fd8cb58ac5fbf9b2449b39b",
                            "load_balancers.#": "1",
                            "load_balancers.981953108": "prod-k8s-master-elb",
                            "max_size": "1",
                            "metrics_granularity": "1Minute",
                            "min_size": "1",
                            "name": "prod-k8s-master-asg1",
                            "placement_group": "",
                            "protect_from_scale_in": "false",
                            "suspended_processes.#": "0",
                            "tag.#": "9",
                            "tag.1326138168.key": "KubernetesCluster",
                            "tag.1326138168.propagate_at_launch": "true",
                            "tag.1326138168.value": "us-east-1_jive-microservices-prod",
                            "tag.1644854335.key": "SLA",
                            "tag.1644854335.propagate_at_launch": "true",
                            "tag.1644854335.value": "none",
                            "tag.2651257388.key": "Region",
                            "tag.2651257388.propagate_at_launch": "true",
                            "tag.2651257388.value": "us-east-1",
                            "tag.3116370667.key": "Service_component",
                            "tag.3116370667.propagate_at_launch": "true",
                            "tag.3116370667.value": "k8s-master",
                            "tag.349975964.key": "Name",
                            "tag.349975964.propagate_at_launch": "true",
                            "tag.349975964.value": "prod-k8s-master-instance",
                            "tag.3508996644.key": "K8s_cluster",
                            "tag.3508996644.propagate_at_launch": "true",
                            "tag.3508996644.value": "us-east-1_jive-microservices-prod",
                            "tag.3663295561.key": "Jive_service",
                            "tag.3663295561.propagate_at_launch": "true",
                            "tag.3663295561.value": "us-east-1_jive-microservices-prod",
                            "tag.3821981812.key": "Pipeline_phase",
                            "tag.3821981812.propagate_at_launch": "true",
                            "tag.3821981812.value": "prod",
                            "tag.980297071.key": "Hostname",
                            "tag.980297071.propagate_at_launch": "true",
                            "tag.980297071.value": "us-east-1_jive-microservices-prod-master1",
                            "target_group_arns.#": "0",
                            "termination_policies.#": "0",
                            "vpc_zone_identifier.#": "1",
                            "vpc_zone_identifier.726630761": "subnet-f226c796",
                            "wait_for_capacity_timeout": "10m"
                        },
                        "meta": {},
                        "tainted": false
                    },
                    "deposed": [],
                    "provider": ""
                },
                "aws_autoscaling_group.k8s_worker_asg.0": {
                    "type": "aws_autoscaling_group",
                    "depends_on": [
                        "aws_launch_configuration.k8s_worker",
                        "null_resource.k8s_cluster"
                    ],
                    "primary": {
                        "id": "prod-k8s-worker-asg1",
                        "attributes": {
                            "arn": "arn:aws:autoscaling:us-east-1:663559125979:autoScalingGroup:9b3526d4-6633-453d-9cb4-e0a048be639c:autoScalingGroupName/prod-k8s-worker-asg1",
                            "availability_zones.#": "1",
                            "availability_zones.3569565595": "us-east-1a",
                            "default_cooldown": "300",
                            "desired_capacity": "1",
                            "force_delete": "false",
                            "health_check_grace_period": "300",
                            "health_check_type": "EC2",
                            "id": "prod-k8s-worker-asg1",
                            "launch_configuration": "terraform-006fd8cb58ac5fbf9b2449b39a",
                            "load_balancers.#": "0",
                            "max_size": "5",
                            "metrics_granularity": "1Minute",
                            "min_size": "1",
                            "name": "prod-k8s-worker-asg1",
                            "placement_group": "",
                            "protect_from_scale_in": "false",
                            "suspended_processes.#": "0",
                            "tag.#": "9",
                            "tag.1326138168.key": "KubernetesCluster",
                            "tag.1326138168.propagate_at_launch": "true",
                            "tag.1326138168.value": "us-east-1_jive-microservices-prod",
                            "tag.1644854335.key": "SLA",
                            "tag.1644854335.propagate_at_launch": "true",
                            "tag.1644854335.value": "none",
                            "tag.2157698622.key": "Hostname",
                            "tag.2157698622.propagate_at_launch": "true",
                            "tag.2157698622.value": "k8s-node1",
                            "tag.228639812.key": "Service_component",
                            "tag.228639812.propagate_at_launch": "true",
                            "tag.228639812.value": "k8s-node",
                            "tag.2294815796.key": "Name",
                            "tag.2294815796.propagate_at_launch": "true",
                            "tag.2294815796.value": "prod-k8s-worker-instance",
                            "tag.2651257388.key": "Region",
                            "tag.2651257388.propagate_at_launch": "true",
                            "tag.2651257388.value": "us-east-1",
                            "tag.3508996644.key": "K8s_cluster",
                            "tag.3508996644.propagate_at_launch": "true",
                            "tag.3508996644.value": "us-east-1_jive-microservices-prod",
                            "tag.3663295561.key": "Jive_service",
                            "tag.3663295561.propagate_at_launch": "true",
                            "tag.3663295561.value": "us-east-1_jive-microservices-prod",
                            "tag.3821981812.key": "Pipeline_phase",
                            "tag.3821981812.propagate_at_launch": "true",
                            "tag.3821981812.value": "prod",
                            "target_group_arns.#": "0",
                            "termination_policies.#": "0",
                            "vpc_zone_identifier.#": "1",
                            "vpc_zone_identifier.726630761": "subnet-f226c796",
                            "wait_for_capacity_timeout": "10m"
                        },
                        "meta": {},
                        "tainted": false
                    },
                    "deposed": [],
                    "provider": ""
                },
                "aws_autoscaling_group.k8s_worker_asg.1": {
                    "type": "aws_autoscaling_group",
                    "depends_on": [
                        "aws_launch_configuration.k8s_worker",
                        "null_resource.k8s_cluster"
                    ],
                    "primary": {
                        "id": "prod-k8s-worker-asg2",
                        "attributes": {
                            "arn": "arn:aws:autoscaling:us-east-1:663559125979:autoScalingGroup:2a6fba44-6c44-4305-8417-94f96d06bad9:autoScalingGroupName/prod-k8s-worker-asg2",
                            "availability_zones.#": "1",
                            "availability_zones.1305112097": "us-east-1b",
                            "default_cooldown": "300",
                            "desired_capacity": "1",
                            "force_delete": "false",
                            "health_check_grace_period": "300",
                            "health_check_type": "EC2",
                            "id": "prod-k8s-worker-asg2",
                            "launch_configuration": "terraform-006fd8cb58ac5fbf9b2449b39a",
                            "load_balancers.#": "0",
                            "max_size": "5",
                            "metrics_granularity": "1Minute",
                            "min_size": "1",
                            "name": "prod-k8s-worker-asg2",
                            "placement_group": "",
                            "protect_from_scale_in": "false",
                            "suspended_processes.#": "0",
                            "tag.#": "9",
                            "tag.1326138168.key": "KubernetesCluster",
                            "tag.1326138168.propagate_at_launch": "true",
                            "tag.1326138168.value": "us-east-1_jive-microservices-prod",
                            "tag.1644854335.key": "SLA",
                            "tag.1644854335.propagate_at_launch": "true",
                            "tag.1644854335.value": "none",
                            "tag.228639812.key": "Service_component",
                            "tag.228639812.propagate_at_launch": "true",
                            "tag.228639812.value": "k8s-node",
                            "tag.2294815796.key": "Name",
                            "tag.2294815796.propagate_at_launch": "true",
                            "tag.2294815796.value": "prod-k8s-worker-instance",
                            "tag.2651257388.key": "Region",
                            "tag.2651257388.propagate_at_launch": "true",
                            "tag.2651257388.value": "us-east-1",
                            "tag.2977154211.key": "Hostname",
                            "tag.2977154211.propagate_at_launch": "true",
                            "tag.2977154211.value": "k8s-node2",
                            "tag.3508996644.key": "K8s_cluster",
                            "tag.3508996644.propagate_at_launch": "true",
                            "tag.3508996644.value": "us-east-1_jive-microservices-prod",
                            "tag.3663295561.key": "Jive_service",
                            "tag.3663295561.propagate_at_launch": "true",
                            "tag.3663295561.value": "us-east-1_jive-microservices-prod",
                            "tag.3821981812.key": "Pipeline_phase",
                            "tag.3821981812.propagate_at_launch": "true",
                            "tag.3821981812.value": "prod",
                            "target_group_arns.#": "0",
                            "termination_policies.#": "0",
                            "vpc_zone_identifier.#": "1",
                            "vpc_zone_identifier.161648420": "subnet-09a03325",
                            "wait_for_capacity_timeout": "10m"
                        },
                        "meta": {},
                        "tainted": false
                    },
                    "deposed": [],
                    "provider": ""
                },
                "aws_autoscaling_group.k8s_worker_asg.2": {
                    "type": "aws_autoscaling_group",
                    "depends_on": [
                        "aws_launch_configuration.k8s_worker",
                        "null_resource.k8s_cluster"
                    ],
                    "primary": {
                        "id": "prod-k8s-worker-asg3",
                        "attributes": {
                            "arn": "arn:aws:autoscaling:us-east-1:663559125979:autoScalingGroup:068276b9-4a65-47dd-849b-37007b61131b:autoScalingGroupName/prod-k8s-worker-asg3",
                            "availability_zones.#": "1",
                            "availability_zones.986537655": "us-east-1c",
                            "default_cooldown": "300",
                            "desired_capacity": "1",
                            "force_delete": "false",
                            "health_check_grace_period": "300",
                            "health_check_type": "EC2",
                            "id": "prod-k8s-worker-asg3",
                            "launch_configuration": "terraform-006fd8cb58ac5fbf9b2449b39a",
                            "load_balancers.#": "0",
                            "max_size": "5",
                            "metrics_granularity": "1Minute",
                            "min_size": "1",
                            "name": "prod-k8s-worker-asg3",
                            "placement_group": "",
                            "protect_from_scale_in": "false",
                            "suspended_processes.#": "0",
                            "tag.#": "9",
                            "tag.1326138168.key": "KubernetesCluster",
                            "tag.1326138168.propagate_at_launch": "true",
                            "tag.1326138168.value": "us-east-1_jive-microservices-prod",
                            "tag.1644854335.key": "SLA",
                            "tag.1644854335.propagate_at_launch": "true",
                            "tag.1644854335.value": "none",
                            "tag.228639812.key": "Service_component",
                            "tag.228639812.propagate_at_launch": "true",
                            "tag.228639812.value": "k8s-node",
                            "tag.2294815796.key": "Name",
                            "tag.2294815796.propagate_at_launch": "true",
                            "tag.2294815796.value": "prod-k8s-worker-instance",
                            "tag.2651257388.key": "Region",
                            "tag.2651257388.propagate_at_launch": "true",
                            "tag.2651257388.value": "us-east-1",
                            "tag.3508996644.key": "K8s_cluster",
                            "tag.3508996644.propagate_at_launch": "true",
                            "tag.3508996644.value": "us-east-1_jive-microservices-prod",
                            "tag.3663295561.key": "Jive_service",
                            "tag.3663295561.propagate_at_launch": "true",
                            "tag.3663295561.value": "us-east-1_jive-microservices-prod",
                            "tag.3821981812.key": "Pipeline_phase",
                            "tag.3821981812.propagate_at_launch": "true",
                            "tag.3821981812.value": "prod",
                            "tag.386191127.key": "Hostname",
                            "tag.386191127.propagate_at_launch": "true",
                            "tag.386191127.value": "k8s-node3",
                            "target_group_arns.#": "0",
                            "termination_policies.#": "0",
                            "vpc_zone_identifier.#": "1",
                            "vpc_zone_identifier.1635692179": "subnet-3b347e73",
                            "wait_for_capacity_timeout": "10m"
                        },
                        "meta": {},
                        "tainted": false
                    },
                    "deposed": [],
                    "provider": ""
                },
                "aws_autoscaling_group.k8s_worker_asg.3": {
                    "type": "aws_autoscaling_group",
                    "depends_on": [
                        "aws_launch_configuration.k8s_worker",
                        "null_resource.k8s_cluster"
                    ],
                    "primary": {
                        "id": "prod-k8s-worker-asg4",
                        "attributes": {
                            "arn": "arn:aws:autoscaling:us-east-1:663559125979:autoScalingGroup:e9d02ed8-753d-401b-9603-8e4164580380:autoScalingGroupName/prod-k8s-worker-asg4",
                            "availability_zones.#": "1",
                            "availability_zones.2762590996": "us-east-1d",
                            "default_cooldown": "300",
                            "desired_capacity": "1",
                            "force_delete": "false",
                            "health_check_grace_period": "300",
                            "health_check_type": "EC2",
                            "id": "prod-k8s-worker-asg4",
                            "launch_configuration": "terraform-006fd8cb58ac5fbf9b2449b39a",
                            "load_balancers.#": "0",
                            "max_size": "5",
                            "metrics_granularity": "1Minute",
                            "min_size": "1",
                            "name": "prod-k8s-worker-asg4",
                            "placement_group": "",
                            "protect_from_scale_in": "false",
                            "suspended_processes.#": "0",
                            "tag.#": "9",
                            "tag.1326138168.key": "KubernetesCluster",
                            "tag.1326138168.propagate_at_launch": "true",
                            "tag.1326138168.value": "us-east-1_jive-microservices-prod",
                            "tag.1644854335.key": "SLA",
                            "tag.1644854335.propagate_at_launch": "true",
                            "tag.1644854335.value": "none",
                            "tag.228639812.key": "Service_component",
                            "tag.228639812.propagate_at_launch": "true",
                            "tag.228639812.value": "k8s-node",
                            "tag.2294815796.key": "Name",
                            "tag.2294815796.propagate_at_launch": "true",
                            "tag.2294815796.value": "prod-k8s-worker-instance",
                            "tag.2651257388.key": "Region",
                            "tag.2651257388.propagate_at_launch": "true",
                            "tag.2651257388.value": "us-east-1",
                            "tag.3508996644.key": "K8s_cluster",
                            "tag.3508996644.propagate_at_launch": "true",
                            "tag.3508996644.value": "us-east-1_jive-microservices-prod",
                            "tag.3533959577.key": "Hostname",
                            "tag.3533959577.propagate_at_launch": "true",
                            "tag.3533959577.value": "k8s-node4",
                            "tag.3663295561.key": "Jive_service",
                            "tag.3663295561.propagate_at_launch": "true",
                            "tag.3663295561.value": "us-east-1_jive-microservices-prod",
                            "tag.3821981812.key": "Pipeline_phase",
                            "tag.3821981812.propagate_at_launch": "true",
                            "tag.3821981812.value": "prod",
                            "target_group_arns.#": "0",
                            "termination_policies.#": "0",
                            "vpc_zone_identifier.#": "1",
                            "vpc_zone_identifier.670742664": "subnet-ff6ae1a5",
                            "wait_for_capacity_timeout": "10m"
                        },
                        "meta": {},
                        "tainted": false
                    },
                    "deposed": [],
                    "provider": ""
                },
                "aws_autoscaling_group.k8s_worker_asg.4": {
                    "type": "aws_autoscaling_group",
                    "depends_on": [
                        "aws_launch_configuration.k8s_worker",
                        "null_resource.k8s_cluster"
                    ],
                    "primary": {
                        "id": "prod-k8s-worker-asg5",
                        "attributes": {
                            "arn": "arn:aws:autoscaling:us-east-1:663559125979:autoScalingGroup:bdfacf48-36de-4157-9d63-e5aefacf8d7a:autoScalingGroupName/prod-k8s-worker-asg5",
                            "availability_zones.#": "1",
                            "availability_zones.3551460226": "us-east-1e",
                            "default_cooldown": "300",
                            "desired_capacity": "1",
                            "force_delete": "false",
                            "health_check_grace_period": "300",
                            "health_check_type": "EC2",
                            "id": "prod-k8s-worker-asg5",
                            "launch_configuration": "terraform-006fd8cb58ac5fbf9b2449b39a",
                            "load_balancers.#": "0",
                            "max_size": "5",
                            "metrics_granularity": "1Minute",
                            "min_size": "1",
                            "name": "prod-k8s-worker-asg5",
                            "placement_group": "",
                            "protect_from_scale_in": "false",
                            "suspended_processes.#": "0",
                            "tag.#": "9",
                            "tag.1326138168.key": "KubernetesCluster",
                            "tag.1326138168.propagate_at_launch": "true",
                            "tag.1326138168.value": "us-east-1_jive-microservices-prod",
                            "tag.1644854335.key": "SLA",
                            "tag.1644854335.propagate_at_launch": "true",
                            "tag.1644854335.value": "none",
                            "tag.1960114733.key": "Hostname",
                            "tag.1960114733.propagate_at_launch": "true",
                            "tag.1960114733.value": "k8s-node5",
                            "tag.228639812.key": "Service_component",
                            "tag.228639812.propagate_at_launch": "true",
                            "tag.228639812.value": "k8s-node",
                            "tag.2294815796.key": "Name",
                            "tag.2294815796.propagate_at_launch": "true",
                            "tag.2294815796.value": "prod-k8s-worker-instance",
                            "tag.2651257388.key": "Region",
                            "tag.2651257388.propagate_at_launch": "true",
                            "tag.2651257388.value": "us-east-1",
                            "tag.3508996644.key": "K8s_cluster",
                            "tag.3508996644.propagate_at_launch": "true",
                            "tag.3508996644.value": "us-east-1_jive-microservices-prod",
                            "tag.3663295561.key": "Jive_service",
                            "tag.3663295561.propagate_at_launch": "true",
                            "tag.3663295561.value": "us-east-1_jive-microservices-prod",
                            "tag.3821981812.key": "Pipeline_phase",
                            "tag.3821981812.propagate_at_launch": "true",
                            "tag.3821981812.value": "prod",
                            "target_group_arns.#": "0",
                            "termination_policies.#": "0",
                            "vpc_zone_identifier.#": "1",
                            "vpc_zone_identifier.935661284": "subnet-f41714c8",
                            "wait_for_capacity_timeout": "10m"
                        },
                        "meta": {},
                        "tainted": false
                    },
                    "deposed": [],
                    "provider": ""
                },
                "aws_ebs_volume.k8s_etcd_ebs.0": {
                    "type": "aws_ebs_volume",
                    "depends_on": [
                        "data.aws_availability_zones.available",
                        "null_resource.k8s_cluster"
                    ],
                    "primary": {
                        "id": "vol-02ac65ea2e33bb71f",
                        "attributes": {
                            "availability_zone": "us-east-1a",
                            "encrypted": "true",
                            "id": "vol-02ac65ea2e33bb71f",
                            "size": "20",
                            "snapshot_id": "",
                            "tags.%": "7",
                            "tags.Hostname": "us-east-1_jive-microservices-prod-etcd1",
                            "tags.Jive_service": "us-east-1_jive-microservices-prod",
                            "tags.Name": "prod-k8s_etcd-instance",
                            "tags.Pipeline_phase": "prod",
                            "tags.Region": "us-east-1",
                            "tags.SLA": "none",
                            "tags.Service_component": "etcd",
                            "type": "gp2"
                        },
                        "meta": {},
                        "tainted": false
                    },
                    "deposed": [],
                    "provider": ""
                },
                "aws_ebs_volume.k8s_etcd_ebs.1": {
                    "type": "aws_ebs_volume",
                    "depends_on": [
                        "data.aws_availability_zones.available",
                        "null_resource.k8s_cluster"
                    ],
                    "primary": {
                        "id": "vol-0b612e5856c479cd8",
                        "attributes": {
                            "availability_zone": "us-east-1b",
                            "encrypted": "true",
                            "id": "vol-0b612e5856c479cd8",
                            "size": "20",
                            "snapshot_id": "",
                            "tags.%": "7",
                            "tags.Hostname": "us-east-1_jive-microservices-prod-etcd2",
                            "tags.Jive_service": "us-east-1_jive-microservices-prod",
                            "tags.Name": "prod-k8s_etcd-instance",
                            "tags.Pipeline_phase": "prod",
                            "tags.Region": "us-east-1",
                            "tags.SLA": "none",
                            "tags.Service_component": "etcd",
                            "type": "gp2"
                        },
                        "meta": {},
                        "tainted": false
                    },
                    "deposed": [],
                    "provider": ""
                },
                "aws_ebs_volume.k8s_etcd_ebs.2": {
                    "type": "aws_ebs_volume",
                    "depends_on": [
                        "data.aws_availability_zones.available",
                        "null_resource.k8s_cluster"
                    ],
                    "primary": {
                        "id": "vol-063fbcb3737feaa93",
                        "attributes": {
                            "availability_zone": "us-east-1c",
                            "encrypted": "true",
                            "id": "vol-063fbcb3737feaa93",
                            "size": "20",
                            "snapshot_id": "",
                            "tags.%": "7",
                            "tags.Hostname": "us-east-1_jive-microservices-prod-etcd3",
                            "tags.Jive_service": "us-east-1_jive-microservices-prod",
                            "tags.Name": "prod-k8s_etcd-instance",
                            "tags.Pipeline_phase": "prod",
                            "tags.Region": "us-east-1",
                            "tags.SLA": "none",
                            "tags.Service_component": "etcd",
                            "type": "gp2"
                        },
                        "meta": {},
                        "tainted": false
                    },
                    "deposed": [],
                    "provider": ""
                },
                "aws_ebs_volume.k8s_etcd_ebs.3": {
                    "type": "aws_ebs_volume",
                    "depends_on": [
                        "data.aws_availability_zones.available",
                        "null_resource.k8s_cluster"
                    ],
                    "primary": {
                        "id": "vol-08ae232fb5ecfbf72",
                        "attributes": {
                            "availability_zone": "us-east-1d",
                            "encrypted": "true",
                            "id": "vol-08ae232fb5ecfbf72",
                            "size": "20",
                            "snapshot_id": "",
                            "tags.%": "7",
                            "tags.Hostname": "us-east-1_jive-microservices-prod-etcd4",
                            "tags.Jive_service": "us-east-1_jive-microservices-prod",
                            "tags.Name": "prod-k8s_etcd-instance",
                            "tags.Pipeline_phase": "prod",
                            "tags.Region": "us-east-1",
                            "tags.SLA": "none",
                            "tags.Service_component": "etcd",
                            "type": "gp2"
                        },
                        "meta": {},
                        "tainted": false
                    },
                    "deposed": [],
                    "provider": ""
                },
                "aws_ebs_volume.k8s_etcd_ebs.4": {
                    "type": "aws_ebs_volume",
                    "depends_on": [
                        "data.aws_availability_zones.available",
                        "null_resource.k8s_cluster"
                    ],
                    "primary": {
                        "id": "vol-04d139e0cb5f91cbe",
                        "attributes": {
                            "availability_zone": "us-east-1e",
                            "encrypted": "true",
                            "id": "vol-04d139e0cb5f91cbe",
                            "size": "20",
                            "snapshot_id": "",
                            "tags.%": "7",
                            "tags.Hostname": "us-east-1_jive-microservices-prod-etcd5",
                            "tags.Jive_service": "us-east-1_jive-microservices-prod",
                            "tags.Name": "prod-k8s_etcd-instance",
                            "tags.Pipeline_phase": "prod",
                            "tags.Region": "us-east-1",
                            "tags.SLA": "none",
                            "tags.Service_component": "etcd",
                            "type": "gp2"
                        },
                        "meta": {},
                        "tainted": false
                    },
                    "deposed": [],
                    "provider": ""
                },
                "aws_ebs_volume.k8s_master": {
                    "type": "aws_ebs_volume",
                    "depends_on": [
                        "null_resource.k8s_cluster"
                    ],
                    "primary": {
                        "id": "vol-0c3e4f9988668c21d",
                        "attributes": {
                            "availability_zone": "us-east-1a",
                            "encrypted": "true",
                            "id": "vol-0c3e4f9988668c21d",
                            "size": "100",
                            "snapshot_id": "",
                            "tags.%": "7",
                            "tags.Hostname": "us-east-1_jive-microservices-prod-master1",
                            "tags.Jive_service": "us-east-1_jive-microservices-prod",
                            "tags.Name": "prod-k8s_master-instance",
                            "tags.Pipeline_phase": "prod",
                            "tags.Region": "us-east-1",
                            "tags.SLA": "none",
                            "tags.Service_component": "k8s-master",
                            "type": "gp2"
                        },
                        "meta": {},
                        "tainted": false
                    },
                    "deposed": [],
                    "provider": ""
                },
                "aws_eip.k8s_etcd_eip.0": {
                    "type": "aws_eip",
                    "depends_on": [
                        "aws_network_interface.k8s_etcd.*"
                    ],
                    "primary": {
                        "id": "eipalloc-2fa0fb1c",
                        "attributes": {
                            "association_id": "eipassoc-f7edb6c2",
                            "domain": "vpc",
                            "id": "eipalloc-2fa0fb1c",
                            "instance": "",
                            "network_interface": "eni-37295f20",
                            "private_ip": "10.125.67.51",
                            "public_ip": "34.231.193.113",
                            "vpc": "true"
                        },
                        "meta": {},
                        "tainted": false
                    },
                    "deposed": [],
                    "provider": ""
                },
                "aws_eip.k8s_etcd_eip.1": {
                    "type": "aws_eip",
                    "depends_on": [
                        "aws_network_interface.k8s_etcd.*"
                    ],
                    "primary": {
                        "id": "eipalloc-e4d883d7",
                        "attributes": {
                            "association_id": "eipassoc-6ae8b35f",
                            "domain": "vpc",
                            "id": "eipalloc-e4d883d7",
                            "instance": "",
                            "network_interface": "eni-ffe43a5e",
                            "private_ip": "10.125.68.135",
                            "public_ip": "52.45.22.84",
                            "vpc": "true"
                        },
                        "meta": {},
                        "tainted": false
                    },
                    "deposed": [],
                    "provider": ""
                },
                "aws_eip.k8s_etcd_eip.2": {
                    "type": "aws_eip",
                    "depends_on": [
                        "aws_network_interface.k8s_etcd.*"
                    ],
                    "primary": {
                        "id": "eipalloc-41d88372",
                        "attributes": {
                            "association_id": "eipassoc-f0e2b9c5",
                            "domain": "vpc",
                            "id": "eipalloc-41d88372",
                            "instance": "",
                            "network_interface": "eni-e14d1a34",
                            "private_ip": "10.125.72.160",
                            "public_ip": "34.205.94.208",
                            "vpc": "true"
                        },
                        "meta": {},
                        "tainted": false
                    },
                    "deposed": [],
                    "provider": ""
                },
                "aws_eip.k8s_etcd_eip.3": {
                    "type": "aws_eip",
                    "depends_on": [
                        "aws_network_interface.k8s_etcd.*"
                    ],
                    "primary": {
                        "id": "eipalloc-26db8015",
                        "attributes": {
                            "association_id": "eipassoc-49efb47c",
                            "domain": "vpc",
                            "id": "eipalloc-26db8015",
                            "instance": "",
                            "network_interface": "eni-4cafd9e7",
                            "private_ip": "10.125.79.185",
                            "public_ip": "34.205.57.93",
                            "vpc": "true"
                        },
                        "meta": {},
                        "tainted": false
                    },
                    "deposed": [],
                    "provider": ""
                },
                "aws_eip.k8s_etcd_eip.4": {
                    "type": "aws_eip",
                    "depends_on": [
                        "aws_network_interface.k8s_etcd.*"
                    ],
                    "primary": {
                        "id": "eipalloc-afda819c",
                        "attributes": {
                            "association_id": "eipassoc-f1e2b9c4",
                            "domain": "vpc",
                            "id": "eipalloc-afda819c",
                            "instance": "",
                            "network_interface": "eni-c61c58c6",
                            "private_ip": "10.125.83.49",
                            "public_ip": "34.232.213.246",
                            "vpc": "true"
                        },
                        "meta": {},
                        "tainted": false
                    },
                    "deposed": [],
                    "provider": ""
                },
                "aws_eip.k8s_master_eip": {
                    "type": "aws_eip",
                    "depends_on": [],
                    "primary": {
                        "id": "eipalloc-06df8435",
                        "attributes": {
                            "association_id": "",
                            "domain": "vpc",
                            "id": "eipalloc-06df8435",
                            "instance": "",
                            "network_interface": "",
                            "private_ip": "",
                            "public_ip": "52.200.26.141",
                            "vpc": "true"
                        },
                        "meta": {},
                        "tainted": false
                    },
                    "deposed": [],
                    "provider": ""
                },
                "aws_elb.k8s_master": {
                    "type": "aws_elb",
                    "depends_on": [
                        "aws_security_group.k8s_master_instance",
                        "null_resource.k8s_cluster"
                    ],
                    "primary": {
                        "id": "prod-k8s-master-elb",
                        "attributes": {
                            "access_logs.#": "0",
                            "availability_zones.#": "1",
                            "availability_zones.3569565595": "us-east-1a",
                            "connection_draining": "false",
                            "connection_draining_timeout": "300",
                            "cross_zone_load_balancing": "true",
                            "dns_name": "internal-prod-k8s-master-elb-1212043231.us-east-1.elb.amazonaws.com",
                            "health_check.#": "1",
                            "health_check.0.healthy_threshold": "2",
                            "health_check.0.interval": "30",
                            "health_check.0.target": "TCP:443",
                            "health_check.0.timeout": "3",
                            "health_check.0.unhealthy_threshold": "2",
                            "id": "prod-k8s-master-elb",
                            "idle_timeout": "1800",
                            "instances.#": "0",
                            "internal": "true",
                            "listener.#": "1",
                            "listener.610193557.instance_port": "443",
                            "listener.610193557.instance_protocol": "tcp",
                            "listener.610193557.lb_port": "443",
                            "listener.610193557.lb_protocol": "tcp",
                            "listener.610193557.ssl_certificate_id": "",
                            "name": "prod-k8s-master-elb",
                            "security_groups.#": "2",
                            "security_groups.2369893170": "sg-9c8ec4ed",
                            "security_groups.2549734678": "sg-bd2582cd",
                            "source_security_group": "663559125979/prod-instance",
                            "source_security_group_id": "sg-9c8ec4ed",
                            "subnets.#": "1",
                            "subnets.726630761": "subnet-f226c796",
                            "tags.%": "7",
                            "tags.Hostname": "us-east-1_jive-microservices-prod-master1",
                            "tags.Jive_service": "us-east-1_jive-microservices-prod",
                            "tags.Name": "prod-k8s_master-elb",
                            "tags.Pipeline_phase": "prod",
                            "tags.Region": "us-east-1",
                            "tags.SLA": "none",
                            "tags.Service_component": "k8s-master",
                            "zone_id": "Z35SXDOTRQ7X7K"
                        },
                        "meta": {},
                        "tainted": false
                    },
                    "deposed": [],
                    "provider": ""
                },
                "aws_iam_instance_profile.k8s-master": {
                    "type": "aws_iam_instance_profile",
                    "depends_on": [
                        "aws_iam_role.k8s-master",
                        "null_resource.k8s_cluster"
                    ],
                    "primary": {
                        "id": "us-east-1_jive-microservices-prod-k8s-master-profile",
                        "attributes": {
                            "arn": "arn:aws:iam::663559125979:instance-profile/us-east-1_jive-microservices-prod-k8s-master-profile",
                            "id": "us-east-1_jive-microservices-prod-k8s-master-profile",
                            "name": "us-east-1_jive-microservices-prod-k8s-master-profile",
                            "path": "/",
                            "roles.#": "1",
                            "roles.3085888105": "us-east-1_jive-microservices-prod-master-role",
                            "unique_id": "AIPAI43IIVA4BEXO5MJ4I"
                        },
                        "meta": {},
                        "tainted": false
                    },
                    "deposed": [],
                    "provider": ""
                },
                "aws_iam_instance_profile.k8s-node": {
                    "type": "aws_iam_instance_profile",
                    "depends_on": [
                        "aws_iam_role.k8s-node",
                        "null_resource.k8s_cluster"
                    ],
                    "primary": {
                        "id": "us-east-1_jive-microservices-prod-k8s-node-profile",
                        "attributes": {
                            "arn": "arn:aws:iam::663559125979:instance-profile/us-east-1_jive-microservices-prod-k8s-node-profile",
                            "id": "us-east-1_jive-microservices-prod-k8s-node-profile",
                            "name": "us-east-1_jive-microservices-prod-k8s-node-profile",
                            "path": "/",
                            "roles.#": "1",
                            "roles.165644447": "us-east-1_jive-microservices-prod-node-role",
                            "unique_id": "AIPAIAMAOXDX6JVS7OONA"
                        },
                        "meta": {},
                        "tainted": false
                    },
                    "deposed": [],
                    "provider": ""
                },
                "aws_iam_role.k8s-master": {
                    "type": "aws_iam_role",
                    "depends_on": [
                        "null_resource.k8s_cluster"
                    ],
                    "primary": {
                        "id": "us-east-1_jive-microservices-prod-master-role",
                        "attributes": {
                            "arn": "arn:aws:iam::663559125979:role/us-east-1_jive-microservices-prod-master-role",
                            "assume_role_policy": "{\n    \"Version\": \"2012-10-17\",\n    \"Statement\": [\n        {\n            \"Action\": \"sts:AssumeRole\",\n            \"Principal\": {\n                \"Service\": \"ec2.amazonaws.com\"\n            },\n            \"Effect\": \"Allow\",\n            \"Sid\": \"\"\n        }\n    ]\n}\n",
                            "create_date": "2017-08-15T17:46:59Z",
                            "id": "us-east-1_jive-microservices-prod-master-role",
                            "name": "us-east-1_jive-microservices-prod-master-role",
                            "path": "/",
                            "unique_id": "AROAIURM6CL546VQN4O74"
                        },
                        "meta": {},
                        "tainted": false
                    },
                    "deposed": [],
                    "provider": ""
                },
                "aws_iam_role.k8s-node": {
                    "type": "aws_iam_role",
                    "depends_on": [
                        "null_resource.k8s_cluster"
                    ],
                    "primary": {
                        "id": "us-east-1_jive-microservices-prod-node-role",
                        "attributes": {
                            "arn": "arn:aws:iam::663559125979:role/us-east-1_jive-microservices-prod-node-role",
                            "assume_role_policy": "{\n    \"Version\": \"2012-10-17\",\n    \"Statement\": [\n        {\n            \"Action\": \"sts:AssumeRole\",\n            \"Principal\": {\n                \"Service\": \"ec2.amazonaws.com\"\n            },\n            \"Effect\": \"Allow\",\n            \"Sid\": \"\"\n        }\n    ]\n}\n",
                            "create_date": "2017-08-15T17:46:59Z",
                            "id": "us-east-1_jive-microservices-prod-node-role",
                            "name": "us-east-1_jive-microservices-prod-node-role",
                            "path": "/",
                            "unique_id": "AROAJQWYKWTKUWN5KKQ22"
                        },
                        "meta": {},
                        "tainted": false
                    },
                    "deposed": [],
                    "provider": ""
                },
                "aws_iam_role_policy.k8s-master": {
                    "type": "aws_iam_role_policy",
                    "depends_on": [
                        "aws_iam_role.k8s-master",
                        "null_resource.k8s_cluster"
                    ],
                    "primary": {
                        "id": "us-east-1_jive-microservices-prod-master-role:us-east-1_jive-microservices-prod-master-policy",
                        "attributes": {
                            "id": "us-east-1_jive-microservices-prod-master-role:us-east-1_jive-microservices-prod-master-policy",
                            "name": "us-east-1_jive-microservices-prod-master-policy",
                            "policy": "{\n    \"Version\": \"2012-10-17\",\n    \"Statement\": [\n        {\n            \"Effect\": \"Allow\",\n            \"Action\": [\"ec2:*\"],\n            \"Resource\": [\"*\"]\n        },\n        {\n            \"Effect\": \"Allow\",\n            \"Action\": [\"elasticloadbalancing:*\"],\n            \"Resource\": [\"*\"]\n        },\n        {\n            \"Effect\": \"Allow\",\n            \"Action\": [\n                \"ec2:Describe*\",\n                \"ec2:AttachVolume\",\n                \"ec2:DetachVolume\",\n                \"route53:ListHostedZones\",\n                \"route53:ListResourceRecordSets\",\n                \"rds:Describe*\",\n                \"elasticache:Describe*\",\n                \"s3:GetObject\",\n                \"s3:PutObject\",\n                \"s3:ListAllMyBuckets\",\n                \"s3:ListBucket\",\n                \"s3:GetBucketLocation\"\n            ],\n            \"Resource\": \"*\"\n        }\n    ]\n}\n",
                            "role": "us-east-1_jive-microservices-prod-master-role"
                        },
                        "meta": {},
                        "tainted": false
                    },
                    "deposed": [],
                    "provider": ""
                },
                "aws_iam_role_policy.k8s-node": {
                    "type": "aws_iam_role_policy",
                    "depends_on": [
                        "aws_iam_role.k8s-node",
                        "null_resource.k8s_cluster"
                    ],
                    "primary": {
                        "id": "us-east-1_jive-microservices-prod-node-role:us-east-1_jive-microservices-prod-node-policy",
                        "attributes": {
                            "id": "us-east-1_jive-microservices-prod-node-role:us-east-1_jive-microservices-prod-node-policy",
                            "name": "us-east-1_jive-microservices-prod-node-policy",
                            "policy": "{\n    \"Version\": \"2012-10-17\",\n    \"Statement\": [\n        {\n            \"Effect\": \"Allow\",\n            \"Action\": [\n                \"ec2:Describe*\",\n                \"ec2:AttachVolume\",\n                \"ec2:DetachVolume\",\n                \"ec2:AttachNetworkInterface\",\n                \"ec2:DetachNetworkInterface\",\n                \"route53:ListHostedZones\",\n                \"route53:ListResourceRecordSets\",\n                \"rds:Describe*\",\n                \"elasticache:Describe*\",\n                \"s3:GetObject\",\n                \"s3:ListAllMyBuckets\",\n                \"s3:ListBucket\",\n                \"s3:PutObject\",\n                \"s3:CreateBucket\",\n                \"s3:GetBucketLocation\"\n            ],\n            \"Resource\": \"*\"\n        }\n    ]\n}\n",
                            "role": "us-east-1_jive-microservices-prod-node-role"
                        },
                        "meta": {},
                        "tainted": false
                    },
                    "deposed": [],
                    "provider": ""
                },
                "aws_launch_configuration.k8s_etcd": {
                    "type": "aws_launch_configuration",
                    "depends_on": [
                        "aws_iam_instance_profile.k8s-node",
                        "aws_security_group.k8s_etcd_instance",
                        "data.template_file.cloud_config"
                    ],
                    "primary": {
                        "id": "terraform-006fd8cb58ac5fbf9b2449b39c",
                        "attributes": {
                            "associate_public_ip_address": "false",
                            "ebs_block_device.#": "0",
                            "ebs_optimized": "false",
                            "enable_monitoring": "true",
                            "ephemeral_block_device.#": "0",
                            "iam_instance_profile": "us-east-1_jive-microservices-prod-k8s-node-profile",
                            "id": "terraform-006fd8cb58ac5fbf9b2449b39c",
                            "image_id": "ami-61659e77",
                            "instance_type": "t2.medium",
                            "key_name": "plops-ms-prod-k8s",
                            "name": "terraform-006fd8cb58ac5fbf9b2449b39c",
                            "root_block_device.#": "1",
                            "root_block_device.0.delete_on_termination": "true",
                            "root_block_device.0.iops": "0",
                            "root_block_device.0.volume_size": "20",
                            "root_block_device.0.volume_type": "gp2",
                            "security_groups.#": "2",
                            "security_groups.2369893170": "sg-9c8ec4ed",
                            "security_groups.3579951723": "sg-fc51f68c",
                            "spot_price": "",
                            "user_data": "0a78a7f08a079b6b6ea211165d7b3fd44f618c73",
                            "vpc_classic_link_id": "",
                            "vpc_classic_link_security_groups.#": "0"
                        },
                        "meta": {},
                        "tainted": false
                    },
                    "deposed": [],
                    "provider": ""
                },
                "aws_launch_configuration.k8s_master": {
                    "type": "aws_launch_configuration",
                    "depends_on": [
                        "aws_iam_instance_profile.k8s-master",
                        "aws_security_group.k8s_master_instance",
                        "data.template_file.cloud_config"
                    ],
                    "primary": {
                        "id": "terraform-006fd8cb58ac5fbf9b2449b39b",
                        "attributes": {
                            "associate_public_ip_address": "false",
                            "ebs_block_device.#": "0",
                            "ebs_optimized": "false",
                            "enable_monitoring": "true",
                            "ephemeral_block_device.#": "0",
                            "iam_instance_profile": "us-east-1_jive-microservices-prod-k8s-master-profile",
                            "id": "terraform-006fd8cb58ac5fbf9b2449b39b",
                            "image_id": "ami-61659e77",
                            "instance_type": "r4.xlarge",
                            "key_name": "plops-ms-prod-k8s",
                            "name": "terraform-006fd8cb58ac5fbf9b2449b39b",
                            "root_block_device.#": "1",
                            "root_block_device.0.delete_on_termination": "true",
                            "root_block_device.0.iops": "0",
                            "root_block_device.0.volume_size": "100",
                            "root_block_device.0.volume_type": "gp2",
                            "security_groups.#": "2",
                            "security_groups.2369893170": "sg-9c8ec4ed",
                            "security_groups.2549734678": "sg-bd2582cd",
                            "spot_price": "",
                            "user_data": "0a78a7f08a079b6b6ea211165d7b3fd44f618c73",
                            "vpc_classic_link_id": "",
                            "vpc_classic_link_security_groups.#": "0"
                        },
                        "meta": {},
                        "tainted": false
                    },
                    "deposed": [],
                    "provider": ""
                },
                "aws_launch_configuration.k8s_worker": {
                    "type": "aws_launch_configuration",
                    "depends_on": [
                        "aws_iam_instance_profile.k8s-node",
                        "aws_security_group.k8s_worker_instance",
                        "data.template_file.cloud_config"
                    ],
                    "primary": {
                        "id": "terraform-006fd8cb58ac5fbf9b2449b39a",
                        "attributes": {
                            "associate_public_ip_address": "false",
                            "ebs_block_device.#": "0",
                            "ebs_optimized": "false",
                            "enable_monitoring": "true",
                            "ephemeral_block_device.#": "0",
                            "iam_instance_profile": "us-east-1_jive-microservices-prod-k8s-node-profile",
                            "id": "terraform-006fd8cb58ac5fbf9b2449b39a",
                            "image_id": "ami-61659e77",
                            "instance_type": "m4.16xlarge",
                            "key_name": "plops-ms-prod-k8s",
                            "name": "terraform-006fd8cb58ac5fbf9b2449b39a",
                            "root_block_device.#": "1",
                            "root_block_device.0.delete_on_termination": "true",
                            "root_block_device.0.iops": "0",
                            "root_block_device.0.volume_size": "50",
                            "root_block_device.0.volume_type": "gp2",
                            "security_groups.#": "2",
                            "security_groups.2369893170": "sg-9c8ec4ed",
                            "security_groups.3588867784": "sg-7b5ff80b",
                            "spot_price": "",
                            "user_data": "0a78a7f08a079b6b6ea211165d7b3fd44f618c73",
                            "vpc_classic_link_id": "",
                            "vpc_classic_link_security_groups.#": "0"
                        },
                        "meta": {},
                        "tainted": false
                    },
                    "deposed": [],
                    "provider": ""
                },
                "aws_network_interface.k8s_etcd.0": {
                    "type": "aws_network_interface",
                    "depends_on": [
                        "aws_security_group.k8s_etcd_instance",
                        "data.aws_subnet.natdc.*",
                        "null_resource.k8s_cluster"
                    ],
                    "primary": {
                        "id": "eni-37295f20",
                        "attributes": {
                            "attachment.#": "0",
                            "description": "",
                            "id": "eni-37295f20",
                            "private_ip": "10.125.67.51",
                            "private_ips.#": "1",
                            "private_ips.911838721": "10.125.67.51",
                            "security_groups.#": "2",
                            "security_groups.2369893170": "sg-9c8ec4ed",
                            "security_groups.3579951723": "sg-fc51f68c",
                            "source_dest_check": "true",
                            "subnet_id": "subnet-f226c796",
                            "tags.%": "8",
                            "tags.Hostname": "us-east-1_jive-microservices-prod-etcd1",
                            "tags.Jive_service": "us-east-1_jive-microservices-prod",
                            "tags.KubernetesCluster": "us-east-1_jive-microservices-prod",
                            "tags.Name": "prod-k8s-etcd-instance",
                            "tags.Pipeline_phase": "prod",
                            "tags.Region": "us-east-1",
                            "tags.SLA": "none",
                            "tags.Service_component": "k8s-etcd"
                        },
                        "meta": {},
                        "tainted": false
                    },
                    "deposed": [],
                    "provider": ""
                },
                "aws_network_interface.k8s_etcd.1": {
                    "type": "aws_network_interface",
                    "depends_on": [
                        "aws_security_group.k8s_etcd_instance",
                        "data.aws_subnet.natdc.*",
                        "null_resource.k8s_cluster"
                    ],
                    "primary": {
                        "id": "eni-ffe43a5e",
                        "attributes": {
                            "attachment.#": "0",
                            "description": "",
                            "id": "eni-ffe43a5e",
                            "private_ip": "10.125.68.135",
                            "private_ips.#": "1",
                            "private_ips.1156521785": "10.125.68.135",
                            "security_groups.#": "2",
                            "security_groups.2369893170": "sg-9c8ec4ed",
                            "security_groups.3579951723": "sg-fc51f68c",
                            "source_dest_check": "true",
                            "subnet_id": "subnet-09a03325",
                            "tags.%": "8",
                            "tags.Hostname": "us-east-1_jive-microservices-prod-etcd2",
                            "tags.Jive_service": "us-east-1_jive-microservices-prod",
                            "tags.KubernetesCluster": "us-east-1_jive-microservices-prod",
                            "tags.Name": "prod-k8s-etcd-instance",
                            "tags.Pipeline_phase": "prod",
                            "tags.Region": "us-east-1",
                            "tags.SLA": "none",
                            "tags.Service_component": "k8s-etcd"
                        },
                        "meta": {},
                        "tainted": false
                    },
                    "deposed": [],
                    "provider": ""
                },
                "aws_network_interface.k8s_etcd.2": {
                    "type": "aws_network_interface",
                    "depends_on": [
                        "aws_security_group.k8s_etcd_instance",
                        "data.aws_subnet.natdc.*",
                        "null_resource.k8s_cluster"
                    ],
                    "primary": {
                        "id": "eni-e14d1a34",
                        "attributes": {
                            "attachment.#": "0",
                            "description": "",
                            "id": "eni-e14d1a34",
                            "private_ip": "10.125.72.160",
                            "private_ips.#": "1",
                            "private_ips.3357463799": "10.125.72.160",
                            "security_groups.#": "2",
                            "security_groups.2369893170": "sg-9c8ec4ed",
                            "security_groups.3579951723": "sg-fc51f68c",
                            "source_dest_check": "true",
                            "subnet_id": "subnet-3b347e73",
                            "tags.%": "8",
                            "tags.Hostname": "us-east-1_jive-microservices-prod-etcd3",
                            "tags.Jive_service": "us-east-1_jive-microservices-prod",
                            "tags.KubernetesCluster": "us-east-1_jive-microservices-prod",
                            "tags.Name": "prod-k8s-etcd-instance",
                            "tags.Pipeline_phase": "prod",
                            "tags.Region": "us-east-1",
                            "tags.SLA": "none",
                            "tags.Service_component": "k8s-etcd"
                        },
                        "meta": {},
                        "tainted": false
                    },
                    "deposed": [],
                    "provider": ""
                },
                "aws_network_interface.k8s_etcd.3": {
                    "type": "aws_network_interface",
                    "depends_on": [
                        "aws_security_group.k8s_etcd_instance",
                        "data.aws_subnet.natdc.*",
                        "null_resource.k8s_cluster"
                    ],
                    "primary": {
                        "id": "eni-4cafd9e7",
                        "attributes": {
                            "attachment.#": "0",
                            "description": "",
                            "id": "eni-4cafd9e7",
                            "private_ip": "10.125.79.185",
                            "private_ips.#": "1",
                            "private_ips.1361525991": "10.125.79.185",
                            "security_groups.#": "2",
                            "security_groups.2369893170": "sg-9c8ec4ed",
                            "security_groups.3579951723": "sg-fc51f68c",
                            "source_dest_check": "true",
                            "subnet_id": "subnet-ff6ae1a5",
                            "tags.%": "8",
                            "tags.Hostname": "us-east-1_jive-microservices-prod-etcd4",
                            "tags.Jive_service": "us-east-1_jive-microservices-prod",
                            "tags.KubernetesCluster": "us-east-1_jive-microservices-prod",
                            "tags.Name": "prod-k8s-etcd-instance",
                            "tags.Pipeline_phase": "prod",
                            "tags.Region": "us-east-1",
                            "tags.SLA": "none",
                            "tags.Service_component": "k8s-etcd"
                        },
                        "meta": {},
                        "tainted": false
                    },
                    "deposed": [],
                    "provider": ""
                },
                "aws_network_interface.k8s_etcd.4": {
                    "type": "aws_network_interface",
                    "depends_on": [
                        "aws_security_group.k8s_etcd_instance",
                        "data.aws_subnet.natdc.*",
                        "null_resource.k8s_cluster"
                    ],
                    "primary": {
                        "id": "eni-c61c58c6",
                        "attributes": {
                            "attachment.#": "0",
                            "description": "",
                            "id": "eni-c61c58c6",
                            "private_ip": "10.125.83.49",
                            "private_ips.#": "1",
                            "private_ips.298524228": "10.125.83.49",
                            "security_groups.#": "2",
                            "security_groups.2369893170": "sg-9c8ec4ed",
                            "security_groups.3579951723": "sg-fc51f68c",
                            "source_dest_check": "true",
                            "subnet_id": "subnet-f41714c8",
                            "tags.%": "8",
                            "tags.Hostname": "us-east-1_jive-microservices-prod-etcd5",
                            "tags.Jive_service": "us-east-1_jive-microservices-prod",
                            "tags.KubernetesCluster": "us-east-1_jive-microservices-prod",
                            "tags.Name": "prod-k8s-etcd-instance",
                            "tags.Pipeline_phase": "prod",
                            "tags.Region": "us-east-1",
                            "tags.SLA": "none",
                            "tags.Service_component": "k8s-etcd"
                        },
                        "meta": {},
                        "tainted": false
                    },
                    "deposed": [],
                    "provider": ""
                },
                "aws_s3_bucket.logging": {
                    "type": "aws_s3_bucket",
                    "depends_on": [
                        "data.aws_iam_policy_document.logging"
                    ],
                    "primary": {
                        "id": "us-east-1-jive-microservices-prod-logs",
                        "attributes": {
                            "acceleration_status": "",
                            "acl": "private",
                            "arn": "arn:aws:s3:::us-east-1-jive-microservices-prod-logs",
                            "bucket": "us-east-1-jive-microservices-prod-logs",
                            "bucket_domain_name": "us-east-1-jive-microservices-prod-logs.s3.amazonaws.com",
                            "force_destroy": "false",
                            "hosted_zone_id": "Z3AQBSTGFYJSTF",
                            "id": "us-east-1-jive-microservices-prod-logs",
                            "logging.#": "0",
                            "policy": "{\"Statement\":[{\"Action\":\"s3:PutObject\",\"Effect\":\"Allow\",\"Principal\":{\"AWS\":[\"arn:aws:iam::663559125979:role/us-east-1_jive-microservices-prod-master-role\",\"arn:aws:iam::663559125979:role/us-east-1_jive-microservices-prod-node-role\"]},\"Resource\":\"arn:aws:s3:::us-east-1-jive-microservices-prod-logs/*\",\"Sid\":\"Logs\"}],\"Version\":\"2012-10-17\"}",
                            "region": "us-east-1",
                            "request_payer": "BucketOwner",
                            "tags.%": "5",
                            "tags.KubernetesCluster": "us-east-1_jive-microservices-prod",
                            "tags.Name": "us-east-1-jive-microservices-prod-logs",
                            "tags.pipeline_phase": "prod",
                            "tags.region": "us-east-1",
                            "tags.service_component": "logs",
                            "versioning.#": "1",
                            "versioning.0.enabled": "false",
                            "versioning.0.mfa_delete": "false",
                            "website.#": "0"
                        },
                        "meta": {},
                        "tainted": false
                    },
                    "deposed": [],
                    "provider": ""
                },
                "aws_security_group.k8s_etcd_instance": {
                    "type": "aws_security_group",
                    "depends_on": [
                        "aws_security_group.k8s_master_instance",
                        "aws_security_group.k8s_worker_instance",
                        "null_resource.k8s_cluster"
                    ],
                    "primary": {
                        "id": "sg-fc51f68c",
                        "attributes": {
                            "description": "Access to K8S etcd nodes",
                            "egress.#": "0",
                            "id": "sg-fc51f68c",
                            "ingress.#": "2",
                            "ingress.1124357849.cidr_blocks.#": "0",
                            "ingress.1124357849.from_port": "2380",
                            "ingress.1124357849.ipv6_cidr_blocks.#": "0",
                            "ingress.1124357849.protocol": "tcp",
                            "ingress.1124357849.security_groups.#": "2",
                            "ingress.1124357849.security_groups.2549734678": "sg-bd2582cd",
                            "ingress.1124357849.security_groups.3588867784": "sg-7b5ff80b",
                            "ingress.1124357849.self": "true",
                            "ingress.1124357849.to_port": "2380",
                            "ingress.1735722051.cidr_blocks.#": "0",
                            "ingress.1735722051.from_port": "2379",
                            "ingress.1735722051.ipv6_cidr_blocks.#": "0",
                            "ingress.1735722051.protocol": "tcp",
                            "ingress.1735722051.security_groups.#": "2",
                            "ingress.1735722051.security_groups.2549734678": "sg-bd2582cd",
                            "ingress.1735722051.security_groups.3588867784": "sg-7b5ff80b",
                            "ingress.1735722051.self": "true",
                            "ingress.1735722051.to_port": "2379",
                            "name": "us-east-1_jive-microservices-prod-kubernetes-etcd-instance",
                            "owner_id": "663559125979",
                            "tags.%": "6",
                            "tags.Name": "us-east-1_jive-microservices-prod-etcd-instance",
                            "tags.jive_service": "k8s",
                            "tags.pipeline_phase": "prod",
                            "tags.region": "us-east-1",
                            "tags.service_component": "k8s-etcd",
                            "tags.sla": "none",
                            "vpc_id": "vpc-677ae11e"
                        },
                        "meta": {},
                        "tainted": false
                    },
                    "deposed": [],
                    "provider": ""
                },
                "aws_security_group.k8s_master_instance": {
                    "type": "aws_security_group",
                    "depends_on": [
                        "null_resource.k8s_cluster"
                    ],
                    "primary": {
                        "id": "sg-bd2582cd",
                        "attributes": {
                            "description": "Access to K8S Master nodes",
                            "egress.#": "0",
                            "id": "sg-bd2582cd",
                            "ingress.#": "2",
                            "ingress.2810956597.cidr_blocks.#": "1",
                            "ingress.2810956597.cidr_blocks.0": "10.125.64.0/19",
                            "ingress.2810956597.from_port": "8080",
                            "ingress.2810956597.ipv6_cidr_blocks.#": "0",
                            "ingress.2810956597.protocol": "tcp",
                            "ingress.2810956597.security_groups.#": "0",
                            "ingress.2810956597.self": "true",
                            "ingress.2810956597.to_port": "8080",
                            "ingress.691539513.cidr_blocks.#": "1",
                            "ingress.691539513.cidr_blocks.0": "10.0.0.0/8",
                            "ingress.691539513.from_port": "443",
                            "ingress.691539513.ipv6_cidr_blocks.#": "0",
                            "ingress.691539513.protocol": "tcp",
                            "ingress.691539513.security_groups.#": "0",
                            "ingress.691539513.self": "true",
                            "ingress.691539513.to_port": "443",
                            "name": "us-east-1_jive-microservices-prod-master-instance",
                            "owner_id": "663559125979",
                            "tags.%": "6",
                            "tags.Name": "us-east-1_jive-microservices-prod-master-instance",
                            "tags.jive_service": "k8s",
                            "tags.pipeline_phase": "prod",
                            "tags.region": "us-east-1",
                            "tags.service_component": "k8s-master",
                            "tags.sla": "none",
                            "vpc_id": "vpc-677ae11e"
                        },
                        "meta": {},
                        "tainted": false
                    },
                    "deposed": [],
                    "provider": ""
                },
                "aws_security_group.k8s_worker_instance": {
                    "type": "aws_security_group",
                    "depends_on": [
                        "aws_security_group.k8s_master_instance",
                        "null_resource.k8s_cluster"
                    ],
                    "primary": {
                        "id": "sg-7b5ff80b",
                        "attributes": {
                            "description": "Allow traffic to K8S worker nodes",
                            "egress.#": "0",
                            "id": "sg-7b5ff80b",
                            "ingress.#": "1",
                            "ingress.3688642713.cidr_blocks.#": "0",
                            "ingress.3688642713.from_port": "0",
                            "ingress.3688642713.ipv6_cidr_blocks.#": "0",
                            "ingress.3688642713.protocol": "-1",
                            "ingress.3688642713.security_groups.#": "1",
                            "ingress.3688642713.security_groups.2549734678": "sg-bd2582cd",
                            "ingress.3688642713.self": "true",
                            "ingress.3688642713.to_port": "0",
                            "name": "us-east-1_jive-microservices-prod-worker-instance",
                            "owner_id": "663559125979",
                            "tags.%": "7",
                            "tags.KubernetesCluster": "us-east-1_jive-microservices-prod",
                            "tags.Name": "us-east-1_jive-microservices-prod-worker-instance",
                            "tags.jive_service": "k8s",
                            "tags.pipeline_phase": "prod",
                            "tags.region": "us-east-1",
                            "tags.service_component": "k8s-worker",
                            "tags.sla": "none",
                            "vpc_id": "vpc-677ae11e"
                        },
                        "meta": {},
                        "tainted": false
                    },
                    "deposed": [],
                    "provider": ""
                },
                "aws_security_group_rule.k8s_master_instance": {
                    "type": "aws_security_group_rule",
                    "depends_on": [
                        "aws_security_group.k8s_master_instance",
                        "aws_security_group.k8s_worker_instance"
                    ],
                    "primary": {
                        "id": "sgrule-1097653263",
                        "attributes": {
                            "from_port": "0",
                            "id": "sgrule-1097653263",
                            "protocol": "-1",
                            "security_group_id": "sg-bd2582cd",
                            "self": "false",
                            "source_security_group_id": "sg-7b5ff80b",
                            "to_port": "0",
                            "type": "ingress"
                        },
                        "meta": {
                            "schema_version": "2"
                        },
                        "tainted": false
                    },
                    "deposed": [],
                    "provider": ""
                },
                "aws_security_group_rule.k8s_worker_instance": {
                    "type": "aws_security_group_rule",
                    "depends_on": [
                        "aws_security_group.k8s_worker_instance"
                    ],
                    "primary": {
                        "id": "sgrule-1414576688",
                        "attributes": {
                            "cidr_blocks.#": "1",
                            "cidr_blocks.0": "10.125.64.0/19",
                            "from_port": "30000",
                            "id": "sgrule-1414576688",
                            "protocol": "tcp",
                            "security_group_id": "sg-7b5ff80b",
                            "self": "false",
                            "to_port": "32767",
                            "type": "ingress"
                        },
                        "meta": {
                            "schema_version": "2"
                        },
                        "tainted": false
                    },
                    "deposed": [],
                    "provider": ""
                },
                "data.aws_availability_zones.available": {
                    "type": "aws_availability_zones",
                    "depends_on": [],
                    "primary": {
                        "id": "2017-08-15 17:46:54.291917964 +0000 UTC",
                        "attributes": {
                            "id": "2017-08-15 17:46:54.291917964 +0000 UTC",
                            "names.#": "6",
                            "names.0": "us-east-1a",
                            "names.1": "us-east-1b",
                            "names.2": "us-east-1c",
                            "names.3": "us-east-1d",
                            "names.4": "us-east-1e",
                            "names.5": "us-east-1f"
                        },
                        "meta": {},
                        "tainted": false
                    },
                    "deposed": [],
                    "provider": ""
                },
                "data.aws_iam_policy_document.logging": {
                    "type": "aws_iam_policy_document",
                    "depends_on": [
                        "aws_iam_role.k8s-master",
                        "aws_iam_role.k8s-node"
                    ],
                    "primary": {
                        "id": "3932121779",
                        "attributes": {
                            "id": "3932121779",
                            "json": "{\n  \"Version\": \"2012-10-17\",\n  \"Statement\": [\n    {\n      \"Sid\": \"Logs\",\n      \"Effect\": \"Allow\",\n      \"Action\": \"s3:PutObject\",\n      \"Resource\": \"arn:aws:s3:::us-east-1-jive-microservices-prod-logs/*\",\n      \"Principal\": {\n        \"AWS\": [\n          \"arn:aws:iam::663559125979:role/us-east-1_jive-microservices-prod-node-role\",\n          \"arn:aws:iam::663559125979:role/us-east-1_jive-microservices-prod-master-role\"\n        ]\n      }\n    }\n  ]\n}",
                            "statement.#": "1",
                            "statement.0.actions.#": "1",
                            "statement.0.actions.315547055": "s3:PutObject",
                            "statement.0.condition.#": "0",
                            "statement.0.effect": "Allow",
                            "statement.0.not_actions.#": "0",
                            "statement.0.not_principals.#": "0",
                            "statement.0.not_resources.#": "0",
                            "statement.0.principals.#": "1",
                            "statement.0.principals.1954702268.identifiers.#": "2",
                            "statement.0.principals.1954702268.identifiers.1355492620": "arn:aws:iam::663559125979:role/us-east-1_jive-microservices-prod-node-role",
                            "statement.0.principals.1954702268.identifiers.996512083": "arn:aws:iam::663559125979:role/us-east-1_jive-microservices-prod-master-role",
                            "statement.0.principals.1954702268.type": "AWS",
                            "statement.0.resources.#": "1",
                            "statement.0.resources.3911311388": "arn:aws:s3:::us-east-1-jive-microservices-prod-logs/*",
                            "statement.0.sid": "Logs"
                        },
                        "meta": {},
                        "tainted": false
                    },
                    "deposed": [],
                    "provider": ""
                },
                "data.aws_subnet.natdc.0": {
                    "type": "aws_subnet",
                    "depends_on": [
                        "data.aws_availability_zones.available"
                    ],
                    "primary": {
                        "id": "subnet-f226c796",
                        "attributes": {
                            "assign_ipv6_address_on_creation": "false",
                            "availability_zone": "us-east-1a",
                            "cidr_block": "10.125.64.0/22",
                            "default_for_az": "false",
                            "id": "subnet-f226c796",
                            "map_public_ip_on_launch": "false",
                            "state": "available",
                            "tags.%": "7",
                            "tags.KubernetesCluster": "us-east-1_jive-microservices-prod",
                            "tags.Name": "prod-natdc-subnet",
                            "tags.account_name": "jive-microservices-prod",
                            "tags.kubernetes.io/role/internal-elb": "us-east-1_jive-microservices-prod",
                            "tags.pipeline_phase": "prod",
                            "tags.region": "us-east-1",
                            "tags.sla": "prod",
                            "vpc_id": "vpc-677ae11e"
                        },
                        "meta": {},
                        "tainted": false
                    },
                    "deposed": [],
                    "provider": ""
                },
                "data.aws_subnet.natdc.1": {
                    "type": "aws_subnet",
                    "depends_on": [
                        "data.aws_availability_zones.available"
                    ],
                    "primary": {
                        "id": "subnet-09a03325",
                        "attributes": {
                            "assign_ipv6_address_on_creation": "false",
                            "availability_zone": "us-east-1b",
                            "cidr_block": "10.125.68.0/22",
                            "default_for_az": "false",
                            "id": "subnet-09a03325",
                            "map_public_ip_on_launch": "false",
                            "state": "available",
                            "tags.%": "7",
                            "tags.KubernetesCluster": "us-east-1_jive-microservices-prod",
                            "tags.Name": "prod-natdc-subnet",
                            "tags.account_name": "jive-microservices-prod",
                            "tags.kubernetes.io/role/internal-elb": "us-east-1_jive-microservices-prod",
                            "tags.pipeline_phase": "prod",
                            "tags.region": "us-east-1",
                            "tags.sla": "prod",
                            "vpc_id": "vpc-677ae11e"
                        },
                        "meta": {},
                        "tainted": false
                    },
                    "deposed": [],
                    "provider": ""
                },
                "data.aws_subnet.natdc.2": {
                    "type": "aws_subnet",
                    "depends_on": [
                        "data.aws_availability_zones.available"
                    ],
                    "primary": {
                        "id": "subnet-3b347e73",
                        "attributes": {
                            "assign_ipv6_address_on_creation": "false",
                            "availability_zone": "us-east-1c",
                            "cidr_block": "10.125.72.0/22",
                            "default_for_az": "false",
                            "id": "subnet-3b347e73",
                            "map_public_ip_on_launch": "false",
                            "state": "available",
                            "tags.%": "7",
                            "tags.KubernetesCluster": "us-east-1_jive-microservices-prod",
                            "tags.Name": "prod-natdc-subnet",
                            "tags.account_name": "jive-microservices-prod",
                            "tags.kubernetes.io/role/internal-elb": "us-east-1_jive-microservices-prod",
                            "tags.pipeline_phase": "prod",
                            "tags.region": "us-east-1",
                            "tags.sla": "prod",
                            "vpc_id": "vpc-677ae11e"
                        },
                        "meta": {},
                        "tainted": false
                    },
                    "deposed": [],
                    "provider": ""
                },
                "data.aws_subnet.natdc.3": {
                    "type": "aws_subnet",
                    "depends_on": [
                        "data.aws_availability_zones.available"
                    ],
                    "primary": {
                        "id": "subnet-ff6ae1a5",
                        "attributes": {
                            "assign_ipv6_address_on_creation": "false",
                            "availability_zone": "us-east-1d",
                            "cidr_block": "10.125.76.0/22",
                            "default_for_az": "false",
                            "id": "subnet-ff6ae1a5",
                            "map_public_ip_on_launch": "false",
                            "state": "available",
                            "tags.%": "7",
                            "tags.KubernetesCluster": "us-east-1_jive-microservices-prod",
                            "tags.Name": "prod-natdc-subnet",
                            "tags.account_name": "jive-microservices-prod",
                            "tags.kubernetes.io/role/internal-elb": "us-east-1_jive-microservices-prod",
                            "tags.pipeline_phase": "prod",
                            "tags.region": "us-east-1",
                            "tags.sla": "prod",
                            "vpc_id": "vpc-677ae11e"
                        },
                        "meta": {},
                        "tainted": false
                    },
                    "deposed": [],
                    "provider": ""
                },
                "data.aws_subnet.natdc.4": {
                    "type": "aws_subnet",
                    "depends_on": [
                        "data.aws_availability_zones.available"
                    ],
                    "primary": {
                        "id": "subnet-f41714c8",
                        "attributes": {
                            "assign_ipv6_address_on_creation": "false",
                            "availability_zone": "us-east-1e",
                            "cidr_block": "10.125.80.0/22",
                            "default_for_az": "false",
                            "id": "subnet-f41714c8",
                            "map_public_ip_on_launch": "false",
                            "state": "available",
                            "tags.%": "7",
                            "tags.KubernetesCluster": "us-east-1_jive-microservices-prod",
                            "tags.Name": "prod-natdc-subnet",
                            "tags.account_name": "jive-microservices-prod",
                            "tags.kubernetes.io/role/internal-elb": "us-east-1_jive-microservices-prod",
                            "tags.pipeline_phase": "prod",
                            "tags.region": "us-east-1",
                            "tags.sla": "prod",
                            "vpc_id": "vpc-677ae11e"
                        },
                        "meta": {},
                        "tainted": false
                    },
                    "deposed": [],
                    "provider": ""
                },
                "data.template_file.cloud_config": {
                    "type": "template_file",
                    "depends_on": [
                        "aws_eip.k8s_master_eip",
                        "aws_elb.k8s_master",
                        "null_resource.k8s_cluster"
                    ],
                    "primary": {
                        "id": "a178ea64fe6567ca8466577a3b09689dd2a2c2cc8fbc74d99aef4df838c4092f",
                        "attributes": {
                            "id": "a178ea64fe6567ca8466577a3b09689dd2a2c2cc8fbc74d99aef4df838c4092f",
                            "rendered": "#cloud-config\ncoreos:\n  units:\n    - name: bootstrap.service\n      command: start\n      content: |\n        [Unit]\n        Requires=early-docker.service\n        After=early-docker.service\n        Description=Bootstraps the node\n        [Service]\n        Environment=\"DOCKER_HOST=unix:///var/run/early-docker.sock\"\n        Type=oneshot\n        RemainAfterExit=yes\n        ExecStart=/root/bootstrap.sh\n    - name: settimezone.service\n      command: start\n      content: |\n        [Unit]\n        Description=Set the timezone\n        [Service]\n        ExecStart=/usr/bin/timedatectl set-timezone UTC\n        RemainAfterExit=yes\n        Type=oneshot\nupdate:\n    reboot-strategy: off\nssh_authorized_keys:\n  - ssh-rsa AAAAB3NzaC1yc2EAAAADAQABAAABAQDfBTNflUxbu2ljiDUptKOkxzk46PQ43qIsl3B3YsJB/MjsSx/4cZZABiv25gbFIiZWVF3r/M1/7Fu4TmKAFcKo6UAh+9cCXavUzRXm6fvqrSRhnaaz+g0V4o2vUHOuEvproEbmrP6Nymzeh6Po7ToDesqLIuv9DB87YMJWB4WgmLH8Ox8OlHrgpgW1i9Obh2TtyV/RwtKb1pmzP/dWHP7KHggmxihHKbx8sb+1bgzZ89vkoCoxuttN9w8nVoen8gU0o8aP3r6nt0tXpWhtSdcPtb0qELhDhDeF0NClpDQ83jt/kvOTv5/Y60Di+3qjEuSMK1QglLY1Pya3sk+pwzpV\nwrite_files:\n  - path: /etc/hosts\n    permissions: 0644\n    content: |\n      10.160.4.127 docker.phx1.jivehosted.com\n      10.160.70.25 pulp-slave\nwrite_files:\n  - path: /root/parse_manifest.sh\n    permissions: 0755\n    content: |\n      #!/usr/bin/bash\n      jq -c '.clusters[] | select(.clusterName == \"us-east-1_jive-microservices-prod\") | .ansibleImageVersion' /tmp/cluster_manifest.json\nwrite_files:\n  - path: /root/pam_workaround.sh\n    permissions: 0755\n    content: |\n      #!/usr/bin/bash\n      if [[ -d /lib/pam.d ]]; then\n        rsync -a /lib/pam.d/ /etc/pam.d/\n        sed -i '/pam_systemd.so/d' /etc/pam.d/*\n        sed -i '/pam_nologin.so/d' /etc/pam.d/*\n      fi\nwrite_files:\n  - path: /root/bootstrap.sh\n    permissions: 0755\n    content: |\n      #!/usr/bin/bash\n      #\n      if [ -f /etc/coreos/update.conf ] ; then\n        rm  /etc/coreos/update.conf\n      fi\n\n      declare -r ansible_bucket=https://s3-us-west-2.amazonaws.com/jive-ansible-coreos-jive-infra-prod-usw2\n\n      # Get cluster manifest from S3 bucket\n      curl -XGET -s \\\n      --retry 3 \\\n      --retry-delay 5 \\\n      ${ansible_bucket}/cluster_manifest.json \\\n      --output /tmp/cluster_manifest.json\n\n      # Get ansible-coreos bootstrap script from S3 bucket\n      curl -XGET -s \\\n      --retry 3 \\\n      --retry-delay 5 \\\n      ${ansible_bucket}/run-ansible-container.sh \\\n      --output /tmp/run-ansible-container.sh\n\n      declare -r docker_image=$(bash /root/parse_manifest.sh | sed 's/\"//g')\n      bash -vx /root/pam_workaround.sh\n      bash -vx /tmp/run-ansible-container.sh ${docker_image}\n\n      exit 0\n\n# MASTER_EIP_ALLOC and ELB_NAME are passed from Terraform\n#MASTER_EIP_ALLOC:eipalloc-06df8435\n",
                            "template": "#cloud-config\ncoreos:\n  units:\n    - name: bootstrap.service\n      command: start\n      content: |\n        [Unit]\n        Requires=early-docker.service\n        After=early-docker.service\n        Description=Bootstraps the node\n        [Service]\n        Environment=\"DOCKER_HOST=unix:///var/run/early-docker.sock\"\n        Type=oneshot\n        RemainAfterExit=yes\n        ExecStart=/root/bootstrap.sh\n    - name: settimezone.service\n      command: start\n      content: |\n        [Unit]\n        Description=Set the timezone\n        [Service]\n        ExecStart=/usr/bin/timedatectl set-timezone UTC\n        RemainAfterExit=yes\n        Type=oneshot\nupdate:\n    reboot-strategy: off\nssh_authorized_keys:\n  - ${COREOS_AUTHKEY}\nwrite_files:\n  - path: /etc/hosts\n    permissions: 0644\n    content: |\n      ${DOCKER_REGISTRY}\n      ${PHX_PULP}\nwrite_files:\n  - path: /root/parse_manifest.sh\n    permissions: 0755\n    content: |\n      #!/usr/bin/bash\n      jq -c '.clusters[] | select(.clusterName == \"${KubernetesCluster}\") | .ansibleImageVersion' /tmp/cluster_manifest.json\nwrite_files:\n  - path: /root/pam_workaround.sh\n    permissions: 0755\n    content: |\n      #!/usr/bin/bash\n      if [[ -d /lib/pam.d ]]; then\n        rsync -a /lib/pam.d/ /etc/pam.d/\n        sed -i '/pam_systemd.so/d' /etc/pam.d/*\n        sed -i '/pam_nologin.so/d' /etc/pam.d/*\n      fi\nwrite_files:\n  - path: /root/bootstrap.sh\n    permissions: 0755\n    content: |\n      #!/usr/bin/bash\n      #\n      if [ -f /etc/coreos/update.conf ] ; then\n        rm  /etc/coreos/update.conf\n      fi\n\n      declare -r ansible_bucket=${ANSIBLE_BUCKET}\n\n      # Get cluster manifest from S3 bucket\n      curl -XGET -s \\\n      --retry 3 \\\n      --retry-delay 5 \\\n      $${ansible_bucket}/cluster_manifest.json \\\n      --output /tmp/cluster_manifest.json\n\n      # Get ansible-coreos bootstrap script from S3 bucket\n      curl -XGET -s \\\n      --retry 3 \\\n      --retry-delay 5 \\\n      $${ansible_bucket}/run-ansible-container.sh \\\n      --output /tmp/run-ansible-container.sh\n\n      declare -r docker_image=$$(bash /root/parse_manifest.sh | sed 's/\"//g')\n      bash -vx /root/pam_workaround.sh\n      bash -vx /tmp/run-ansible-container.sh $${docker_image}\n\n      exit 0\n\n# MASTER_EIP_ALLOC and ELB_NAME are passed from Terraform\n#MASTER_EIP_ALLOC:${MASTER_EIP_ALLOC}\n",
                            "vars.%": "7",
                            "vars.ANSIBLE_BUCKET": "https://s3-us-west-2.amazonaws.com/jive-ansible-coreos-jive-infra-prod-usw2",
                            "vars.COREOS_AUTHKEY": "ssh-rsa AAAAB3NzaC1yc2EAAAADAQABAAABAQDfBTNflUxbu2ljiDUptKOkxzk46PQ43qIsl3B3YsJB/MjsSx/4cZZABiv25gbFIiZWVF3r/M1/7Fu4TmKAFcKo6UAh+9cCXavUzRXm6fvqrSRhnaaz+g0V4o2vUHOuEvproEbmrP6Nymzeh6Po7ToDesqLIuv9DB87YMJWB4WgmLH8Ox8OlHrgpgW1i9Obh2TtyV/RwtKb1pmzP/dWHP7KHggmxihHKbx8sb+1bgzZ89vkoCoxuttN9w8nVoen8gU0o8aP3r6nt0tXpWhtSdcPtb0qELhDhDeF0NClpDQ83jt/kvOTv5/Y60Di+3qjEuSMK1QglLY1Pya3sk+pwzpV",
                            "vars.DOCKER_REGISTRY": "10.160.4.127 docker.phx1.jivehosted.com",
                            "vars.ELB_NAME": "prod-k8s-master-elb",
                            "vars.KubernetesCluster": "us-east-1_jive-microservices-prod",
                            "vars.MASTER_EIP_ALLOC": "eipalloc-06df8435",
                            "vars.PHX_PULP": "10.160.70.25 pulp-slave"
                        },
                        "meta": {},
                        "tainted": false
                    },
                    "deposed": [],
                    "provider": ""
                },
                "null_resource.k8s_cluster": {
                    "type": "null_resource",
                    "depends_on": [],
                    "primary": {
                        "id": "4905396294401417734",
                        "attributes": {
                            "id": "4905396294401417734",
                            "triggers.%": "1",
                            "triggers.name": "us-east-1_jive-microservices-prod"
                        },
                        "meta": {},
                        "tainted": false
                    },
                    "deposed": [],
                    "provider": ""
                }
            },
            "depends_on": []
        }
    ]
}
