{
    "version": 3,
    "terraform_version": "0.9.4",
    "serial": 0,
    "lineage": "09c973af-357c-4a93-9bbc-911230801242",
    "modules": [
        {
            "path": [
                "root"
            ],
            "outputs": {},
            "resources": {
                "aws_ebs_volume.upena_reader_i1_v0": {
                    "type": "aws_ebs_volume",
                    "depends_on": [],
                    "primary": {
                        "id": "vol-0236901cf3a754721",
                        "attributes": {
                            "availability_zone": "us-east-1a",
                            "encrypted": "true",
                            "id": "vol-0236901cf3a754721",
                            "size": "500",
                            "snapshot_id": "",
                            "tags.%": "7",
                            "tags.Account_name": "jive-reco-prod",
                            "tags.Jive_service": "upena",
                            "tags.Name": "us-east-1-jive-reco-prod-newpena-reader-i1-v0",
                            "tags.Pipeline_phase": "prod",
                            "tags.Region": "us-east-1",
                            "tags.SLA": "prod",
                            "tags.Service_component": "upena-reader",
                            "type": "st1"
                        },
                        "meta": {},
                        "tainted": false
                    },
                    "deposed": [],
                    "provider": ""
                },
                "aws_ebs_volume.upena_reader_i1_v1": {
                    "type": "aws_ebs_volume",
                    "depends_on": [],
                    "primary": {
                        "id": "vol-0d64ca21104396623",
                        "attributes": {
                            "availability_zone": "us-east-1a",
                            "encrypted": "true",
                            "id": "vol-0d64ca21104396623",
                            "size": "2000",
                            "snapshot_id": "",
                            "tags.%": "7",
                            "tags.Account_name": "jive-reco-prod",
                            "tags.Jive_service": "upena",
                            "tags.Name": "us-east-1-jive-reco-prod-newpena-reader-i1-v1",
                            "tags.Pipeline_phase": "prod",
                            "tags.Region": "us-east-1",
                            "tags.SLA": "prod",
                            "tags.Service_component": "upena-reader",
                            "type": "st1"
                        },
                        "meta": {},
                        "tainted": false
                    },
                    "deposed": [],
                    "provider": ""
                },
                "aws_ebs_volume.upena_reader_i1_v2": {
                    "type": "aws_ebs_volume",
                    "depends_on": [],
                    "primary": {
                        "id": "vol-0de6215bdd302a973",
                        "attributes": {
                            "availability_zone": "us-east-1a",
                            "encrypted": "true",
                            "id": "vol-0de6215bdd302a973",
                            "size": "2000",
                            "snapshot_id": "",
                            "tags.%": "7",
                            "tags.Account_name": "jive-reco-prod",
                            "tags.Jive_service": "upena",
                            "tags.Name": "us-east-1-jive-reco-prod-newpena-reader-i1-v2",
                            "tags.Pipeline_phase": "prod",
                            "tags.Region": "us-east-1",
                            "tags.SLA": "prod",
                            "tags.Service_component": "upena-reader",
                            "type": "st1"
                        },
                        "meta": {},
                        "tainted": false
                    },
                    "deposed": [],
                    "provider": ""
                },
                "aws_ebs_volume.upena_reader_i1_v3": {
                    "type": "aws_ebs_volume",
                    "depends_on": [],
                    "primary": {
                        "id": "vol-0cc75a30f73a4b953",
                        "attributes": {
                            "availability_zone": "us-east-1a",
                            "encrypted": "true",
                            "id": "vol-0cc75a30f73a4b953",
                            "size": "2000",
                            "snapshot_id": "",
                            "tags.%": "7",
                            "tags.Account_name": "jive-reco-prod",
                            "tags.Jive_service": "upena",
                            "tags.Name": "us-east-1-jive-reco-prod-newpena-reader-i1-v3",
                            "tags.Pipeline_phase": "prod",
                            "tags.Region": "us-east-1",
                            "tags.SLA": "prod",
                            "tags.Service_component": "upena-reader",
                            "type": "st1"
                        },
                        "meta": {},
                        "tainted": false
                    },
                    "deposed": [],
                    "provider": ""
                },
                "aws_ebs_volume.upena_reader_i2_v0": {
                    "type": "aws_ebs_volume",
                    "depends_on": [],
                    "primary": {
                        "id": "vol-09fe0fa45668e154e",
                        "attributes": {
                            "availability_zone": "us-east-1b",
                            "encrypted": "true",
                            "id": "vol-09fe0fa45668e154e",
                            "size": "500",
                            "snapshot_id": "",
                            "tags.%": "7",
                            "tags.Account_name": "jive-reco-prod",
                            "tags.Jive_service": "upena",
                            "tags.Name": "us-east-1-jive-reco-prod-newpena-reader-i2-v0",
                            "tags.Pipeline_phase": "prod",
                            "tags.Region": "us-east-1",
                            "tags.SLA": "prod",
                            "tags.Service_component": "upena-reader",
                            "type": "st1"
                        },
                        "meta": {},
                        "tainted": false
                    },
                    "deposed": [],
                    "provider": ""
                },
                "aws_ebs_volume.upena_reader_i2_v1": {
                    "type": "aws_ebs_volume",
                    "depends_on": [],
                    "primary": {
                        "id": "vol-08b105f961c29307a",
                        "attributes": {
                            "availability_zone": "us-east-1b",
                            "encrypted": "true",
                            "id": "vol-08b105f961c29307a",
                            "size": "2000",
                            "snapshot_id": "",
                            "tags.%": "7",
                            "tags.Account_name": "jive-reco-prod",
                            "tags.Jive_service": "upena",
                            "tags.Name": "us-east-1-jive-reco-prod-newpena-reader-i2-v1",
                            "tags.Pipeline_phase": "prod",
                            "tags.Region": "us-east-1",
                            "tags.SLA": "prod",
                            "tags.Service_component": "upena-reader",
                            "type": "st1"
                        },
                        "meta": {},
                        "tainted": false
                    },
                    "deposed": [],
                    "provider": ""
                },
                "aws_ebs_volume.upena_reader_i2_v2": {
                    "type": "aws_ebs_volume",
                    "depends_on": [],
                    "primary": {
                        "id": "vol-01d7da3ca3f5fafa0",
                        "attributes": {
                            "availability_zone": "us-east-1b",
                            "encrypted": "true",
                            "id": "vol-01d7da3ca3f5fafa0",
                            "size": "2000",
                            "snapshot_id": "",
                            "tags.%": "7",
                            "tags.Account_name": "jive-reco-prod",
                            "tags.Jive_service": "upena",
                            "tags.Name": "us-east-1-jive-reco-prod-newpena-reader-i2-v2",
                            "tags.Pipeline_phase": "prod",
                            "tags.Region": "us-east-1",
                            "tags.SLA": "prod",
                            "tags.Service_component": "upena-reader",
                            "type": "st1"
                        },
                        "meta": {},
                        "tainted": false
                    },
                    "deposed": [],
                    "provider": ""
                },
                "aws_ebs_volume.upena_reader_i2_v3": {
                    "type": "aws_ebs_volume",
                    "depends_on": [],
                    "primary": {
                        "id": "vol-092674cd1382dc9ef",
                        "attributes": {
                            "availability_zone": "us-east-1b",
                            "encrypted": "true",
                            "id": "vol-092674cd1382dc9ef",
                            "size": "2000",
                            "snapshot_id": "",
                            "tags.%": "7",
                            "tags.Account_name": "jive-reco-prod",
                            "tags.Jive_service": "upena",
                            "tags.Name": "us-east-1-jive-reco-prod-newpena-reader-i2-v3",
                            "tags.Pipeline_phase": "prod",
                            "tags.Region": "us-east-1",
                            "tags.SLA": "prod",
                            "tags.Service_component": "upena-reader",
                            "type": "st1"
                        },
                        "meta": {},
                        "tainted": false
                    },
                    "deposed": [],
                    "provider": ""
                },
                "aws_ebs_volume.upena_reader_i3_v0": {
                    "type": "aws_ebs_volume",
                    "depends_on": [],
                    "primary": {
                        "id": "vol-0cc9924f0d76405f5",
                        "attributes": {
                            "availability_zone": "us-east-1c",
                            "encrypted": "true",
                            "id": "vol-0cc9924f0d76405f5",
                            "size": "500",
                            "snapshot_id": "",
                            "tags.%": "7",
                            "tags.Account_name": "jive-reco-prod",
                            "tags.Jive_service": "upena",
                            "tags.Name": "us-east-1-jive-reco-prod-newpena-reader-i3-v0",
                            "tags.Pipeline_phase": "prod",
                            "tags.Region": "us-east-1",
                            "tags.SLA": "prod",
                            "tags.Service_component": "upena-reader",
                            "type": "st1"
                        },
                        "meta": {},
                        "tainted": false
                    },
                    "deposed": [],
                    "provider": ""
                },
                "aws_ebs_volume.upena_reader_i3_v1": {
                    "type": "aws_ebs_volume",
                    "depends_on": [],
                    "primary": {
                        "id": "vol-077d8d3b717722a4e",
                        "attributes": {
                            "availability_zone": "us-east-1c",
                            "encrypted": "true",
                            "id": "vol-077d8d3b717722a4e",
                            "size": "2000",
                            "snapshot_id": "",
                            "tags.%": "7",
                            "tags.Account_name": "jive-reco-prod",
                            "tags.Jive_service": "upena",
                            "tags.Name": "us-east-1-jive-reco-prod-newpena-reader-i3-v1",
                            "tags.Pipeline_phase": "prod",
                            "tags.Region": "us-east-1",
                            "tags.SLA": "prod",
                            "tags.Service_component": "upena-reader",
                            "type": "st1"
                        },
                        "meta": {},
                        "tainted": false
                    },
                    "deposed": [],
                    "provider": ""
                },
                "aws_ebs_volume.upena_reader_i3_v2": {
                    "type": "aws_ebs_volume",
                    "depends_on": [],
                    "primary": {
                        "id": "vol-069aa3435856af8b1",
                        "attributes": {
                            "availability_zone": "us-east-1c",
                            "encrypted": "true",
                            "id": "vol-069aa3435856af8b1",
                            "size": "2000",
                            "snapshot_id": "",
                            "tags.%": "7",
                            "tags.Account_name": "jive-reco-prod",
                            "tags.Jive_service": "upena",
                            "tags.Name": "us-east-1-jive-reco-prod-newpena-reader-i3-v2",
                            "tags.Pipeline_phase": "prod",
                            "tags.Region": "us-east-1",
                            "tags.SLA": "prod",
                            "tags.Service_component": "upena-reader",
                            "type": "st1"
                        },
                        "meta": {},
                        "tainted": false
                    },
                    "deposed": [],
                    "provider": ""
                },
                "aws_ebs_volume.upena_reader_i3_v3": {
                    "type": "aws_ebs_volume",
                    "depends_on": [],
                    "primary": {
                        "id": "vol-0d08efe4291d2278b",
                        "attributes": {
                            "availability_zone": "us-east-1c",
                            "encrypted": "true",
                            "id": "vol-0d08efe4291d2278b",
                            "size": "2000",
                            "snapshot_id": "",
                            "tags.%": "7",
                            "tags.Account_name": "jive-reco-prod",
                            "tags.Jive_service": "upena",
                            "tags.Name": "us-east-1-jive-reco-prod-newpena-reader-i3-v3",
                            "tags.Pipeline_phase": "prod",
                            "tags.Region": "us-east-1",
                            "tags.SLA": "prod",
                            "tags.Service_component": "upena-reader",
                            "type": "st1"
                        },
                        "meta": {},
                        "tainted": false
                    },
                    "deposed": [],
                    "provider": ""
                },
                "aws_ebs_volume.upena_reader_i4_v0": {
                    "type": "aws_ebs_volume",
                    "depends_on": [],
                    "primary": {
                        "id": "vol-0dfcd2cc3eb5f6d5e",
                        "attributes": {
                            "availability_zone": "us-east-1a",
                            "encrypted": "true",
                            "id": "vol-0dfcd2cc3eb5f6d5e",
                            "size": "500",
                            "snapshot_id": "",
                            "tags.%": "7",
                            "tags.Account_name": "jive-reco-prod",
                            "tags.Jive_service": "upena",
                            "tags.Name": "us-east-1-jive-reco-prod-newpena-reader-i4-v0",
                            "tags.Pipeline_phase": "prod",
                            "tags.Region": "us-east-1",
                            "tags.SLA": "prod",
                            "tags.Service_component": "upena-reader",
                            "type": "st1"
                        },
                        "meta": {},
                        "tainted": false
                    },
                    "deposed": [],
                    "provider": ""
                },
                "aws_ebs_volume.upena_reader_i4_v1": {
                    "type": "aws_ebs_volume",
                    "depends_on": [],
                    "primary": {
                        "id": "vol-09ac65e3224faebbd",
                        "attributes": {
                            "availability_zone": "us-east-1a",
                            "encrypted": "true",
                            "id": "vol-09ac65e3224faebbd",
                            "size": "2000",
                            "snapshot_id": "",
                            "tags.%": "7",
                            "tags.Account_name": "jive-reco-prod",
                            "tags.Jive_service": "upena",
                            "tags.Name": "us-east-1-jive-reco-prod-newpena-reader-i4-v1",
                            "tags.Pipeline_phase": "prod",
                            "tags.Region": "us-east-1",
                            "tags.SLA": "prod",
                            "tags.Service_component": "upena-reader",
                            "type": "st1"
                        },
                        "meta": {},
                        "tainted": false
                    },
                    "deposed": [],
                    "provider": ""
                },
                "aws_ebs_volume.upena_reader_i4_v2": {
                    "type": "aws_ebs_volume",
                    "depends_on": [],
                    "primary": {
                        "id": "vol-043a3b6e5a82126ee",
                        "attributes": {
                            "availability_zone": "us-east-1a",
                            "encrypted": "true",
                            "id": "vol-043a3b6e5a82126ee",
                            "size": "2000",
                            "snapshot_id": "",
                            "tags.%": "7",
                            "tags.Account_name": "jive-reco-prod",
                            "tags.Jive_service": "upena",
                            "tags.Name": "us-east-1-jive-reco-prod-newpena-reader-i4-v2",
                            "tags.Pipeline_phase": "prod",
                            "tags.Region": "us-east-1",
                            "tags.SLA": "prod",
                            "tags.Service_component": "upena-reader",
                            "type": "st1"
                        },
                        "meta": {},
                        "tainted": false
                    },
                    "deposed": [],
                    "provider": ""
                },
                "aws_ebs_volume.upena_reader_i4_v3": {
                    "type": "aws_ebs_volume",
                    "depends_on": [],
                    "primary": {
                        "id": "vol-0c6c584a5c4885498",
                        "attributes": {
                            "availability_zone": "us-east-1a",
                            "encrypted": "true",
                            "id": "vol-0c6c584a5c4885498",
                            "size": "2000",
                            "snapshot_id": "",
                            "tags.%": "7",
                            "tags.Account_name": "jive-reco-prod",
                            "tags.Jive_service": "upena",
                            "tags.Name": "us-east-1-jive-reco-prod-newpena-reader-i4-v3",
                            "tags.Pipeline_phase": "prod",
                            "tags.Region": "us-east-1",
                            "tags.SLA": "prod",
                            "tags.Service_component": "upena-reader",
                            "type": "st1"
                        },
                        "meta": {},
                        "tainted": false
                    },
                    "deposed": [],
                    "provider": ""
                },
                "aws_ebs_volume.upena_reader_i5_v0": {
                    "type": "aws_ebs_volume",
                    "depends_on": [],
                    "primary": {
                        "id": "vol-0fad8faa91bfd0f23",
                        "attributes": {
                            "availability_zone": "us-east-1b",
                            "encrypted": "true",
                            "id": "vol-0fad8faa91bfd0f23",
                            "size": "500",
                            "snapshot_id": "",
                            "tags.%": "7",
                            "tags.Account_name": "jive-reco-prod",
                            "tags.Jive_service": "upena",
                            "tags.Name": "us-east-1-jive-reco-prod-newpena-reader-i5-v0",
                            "tags.Pipeline_phase": "prod",
                            "tags.Region": "us-east-1",
                            "tags.SLA": "prod",
                            "tags.Service_component": "upena-reader",
                            "type": "st1"
                        },
                        "meta": {},
                        "tainted": false
                    },
                    "deposed": [],
                    "provider": ""
                },
                "aws_ebs_volume.upena_reader_i5_v1": {
                    "type": "aws_ebs_volume",
                    "depends_on": [],
                    "primary": {
                        "id": "vol-0bc364e6e66c11445",
                        "attributes": {
                            "availability_zone": "us-east-1b",
                            "encrypted": "true",
                            "id": "vol-0bc364e6e66c11445",
                            "size": "2000",
                            "snapshot_id": "",
                            "tags.%": "7",
                            "tags.Account_name": "jive-reco-prod",
                            "tags.Jive_service": "upena",
                            "tags.Name": "us-east-1-jive-reco-prod-newpena-reader-i5-v1",
                            "tags.Pipeline_phase": "prod",
                            "tags.Region": "us-east-1",
                            "tags.SLA": "prod",
                            "tags.Service_component": "upena-reader",
                            "type": "st1"
                        },
                        "meta": {},
                        "tainted": false
                    },
                    "deposed": [],
                    "provider": ""
                },
                "aws_ebs_volume.upena_reader_i5_v2": {
                    "type": "aws_ebs_volume",
                    "depends_on": [],
                    "primary": {
                        "id": "vol-0b23f9193fc671b2b",
                        "attributes": {
                            "availability_zone": "us-east-1b",
                            "encrypted": "true",
                            "id": "vol-0b23f9193fc671b2b",
                            "size": "2000",
                            "snapshot_id": "",
                            "tags.%": "7",
                            "tags.Account_name": "jive-reco-prod",
                            "tags.Jive_service": "upena",
                            "tags.Name": "us-east-1-jive-reco-prod-newpena-reader-i5-v2",
                            "tags.Pipeline_phase": "prod",
                            "tags.Region": "us-east-1",
                            "tags.SLA": "prod",
                            "tags.Service_component": "upena-reader",
                            "type": "st1"
                        },
                        "meta": {},
                        "tainted": false
                    },
                    "deposed": [],
                    "provider": ""
                },
                "aws_ebs_volume.upena_reader_i5_v3": {
                    "type": "aws_ebs_volume",
                    "depends_on": [],
                    "primary": {
                        "id": "vol-03363c3c6ed485c17",
                        "attributes": {
                            "availability_zone": "us-east-1b",
                            "encrypted": "true",
                            "id": "vol-03363c3c6ed485c17",
                            "size": "2000",
                            "snapshot_id": "",
                            "tags.%": "7",
                            "tags.Account_name": "jive-reco-prod",
                            "tags.Jive_service": "upena",
                            "tags.Name": "us-east-1-jive-reco-prod-newpena-reader-i5-v3",
                            "tags.Pipeline_phase": "prod",
                            "tags.Region": "us-east-1",
                            "tags.SLA": "prod",
                            "tags.Service_component": "upena-reader",
                            "type": "st1"
                        },
                        "meta": {},
                        "tainted": false
                    },
                    "deposed": [],
                    "provider": ""
                },
                "aws_ebs_volume.upena_reader_i6_v0": {
                    "type": "aws_ebs_volume",
                    "depends_on": [],
                    "primary": {
                        "id": "vol-0d88cb948fc9122a1",
                        "attributes": {
                            "availability_zone": "us-east-1c",
                            "encrypted": "true",
                            "id": "vol-0d88cb948fc9122a1",
                            "size": "500",
                            "snapshot_id": "",
                            "tags.%": "7",
                            "tags.Account_name": "jive-reco-prod",
                            "tags.Jive_service": "upena",
                            "tags.Name": "us-east-1-jive-reco-prod-newpena-reader-i6-v0",
                            "tags.Pipeline_phase": "prod",
                            "tags.Region": "us-east-1",
                            "tags.SLA": "prod",
                            "tags.Service_component": "upena-reader",
                            "type": "st1"
                        },
                        "meta": {},
                        "tainted": false
                    },
                    "deposed": [],
                    "provider": ""
                },
                "aws_ebs_volume.upena_reader_i6_v1": {
                    "type": "aws_ebs_volume",
                    "depends_on": [],
                    "primary": {
                        "id": "vol-0d60514cbbbe8497b",
                        "attributes": {
                            "availability_zone": "us-east-1c",
                            "encrypted": "true",
                            "id": "vol-0d60514cbbbe8497b",
                            "size": "2000",
                            "snapshot_id": "",
                            "tags.%": "7",
                            "tags.Account_name": "jive-reco-prod",
                            "tags.Jive_service": "upena",
                            "tags.Name": "us-east-1-jive-reco-prod-newpena-reader-i6-v1",
                            "tags.Pipeline_phase": "prod",
                            "tags.Region": "us-east-1",
                            "tags.SLA": "prod",
                            "tags.Service_component": "upena-reader",
                            "type": "st1"
                        },
                        "meta": {},
                        "tainted": false
                    },
                    "deposed": [],
                    "provider": ""
                },
                "aws_ebs_volume.upena_reader_i6_v2": {
                    "type": "aws_ebs_volume",
                    "depends_on": [],
                    "primary": {
                        "id": "vol-08fcc683151e4fee4",
                        "attributes": {
                            "availability_zone": "us-east-1c",
                            "encrypted": "true",
                            "id": "vol-08fcc683151e4fee4",
                            "size": "2000",
                            "snapshot_id": "",
                            "tags.%": "7",
                            "tags.Account_name": "jive-reco-prod",
                            "tags.Jive_service": "upena",
                            "tags.Name": "us-east-1-jive-reco-prod-newpena-reader-i6-v2",
                            "tags.Pipeline_phase": "prod",
                            "tags.Region": "us-east-1",
                            "tags.SLA": "prod",
                            "tags.Service_component": "upena-reader",
                            "type": "st1"
                        },
                        "meta": {},
                        "tainted": false
                    },
                    "deposed": [],
                    "provider": ""
                },
                "aws_ebs_volume.upena_reader_i6_v3": {
                    "type": "aws_ebs_volume",
                    "depends_on": [],
                    "primary": {
                        "id": "vol-0e1909e548d2c8640",
                        "attributes": {
                            "availability_zone": "us-east-1c",
                            "encrypted": "true",
                            "id": "vol-0e1909e548d2c8640",
                            "size": "2000",
                            "snapshot_id": "",
                            "tags.%": "7",
                            "tags.Account_name": "jive-reco-prod",
                            "tags.Jive_service": "upena",
                            "tags.Name": "us-east-1-jive-reco-prod-newpena-reader-i6-v3",
                            "tags.Pipeline_phase": "prod",
                            "tags.Region": "us-east-1",
                            "tags.SLA": "prod",
                            "tags.Service_component": "upena-reader",
                            "type": "st1"
                        },
                        "meta": {},
                        "tainted": false
                    },
                    "deposed": [],
                    "provider": ""
                },
                "aws_ebs_volume.upena_reader_i7_v0": {
                    "type": "aws_ebs_volume",
                    "depends_on": [],
                    "primary": {
                        "id": "vol-07afe4d09cafc6a4c",
                        "attributes": {
                            "availability_zone": "us-east-1a",
                            "encrypted": "true",
                            "id": "vol-07afe4d09cafc6a4c",
                            "size": "500",
                            "snapshot_id": "",
                            "tags.%": "7",
                            "tags.Account_name": "jive-reco-prod",
                            "tags.Jive_service": "upena",
                            "tags.Name": "us-east-1-jive-reco-prod-newpena-reader-i7-v0",
                            "tags.Pipeline_phase": "prod",
                            "tags.Region": "us-east-1",
                            "tags.SLA": "prod",
                            "tags.Service_component": "upena-reader",
                            "type": "st1"
                        },
                        "meta": {},
                        "tainted": false
                    },
                    "deposed": [],
                    "provider": ""
                },
                "aws_ebs_volume.upena_reader_i7_v1": {
                    "type": "aws_ebs_volume",
                    "depends_on": [],
                    "primary": {
                        "id": "vol-0b81e34594a4e6c74",
                        "attributes": {
                            "availability_zone": "us-east-1a",
                            "encrypted": "true",
                            "id": "vol-0b81e34594a4e6c74",
                            "size": "2000",
                            "snapshot_id": "",
                            "tags.%": "7",
                            "tags.Account_name": "jive-reco-prod",
                            "tags.Jive_service": "upena",
                            "tags.Name": "us-east-1-jive-reco-prod-newpena-reader-i7-v1",
                            "tags.Pipeline_phase": "prod",
                            "tags.Region": "us-east-1",
                            "tags.SLA": "prod",
                            "tags.Service_component": "upena-reader",
                            "type": "st1"
                        },
                        "meta": {},
                        "tainted": false
                    },
                    "deposed": [],
                    "provider": ""
                },
                "aws_ebs_volume.upena_reader_i7_v2": {
                    "type": "aws_ebs_volume",
                    "depends_on": [],
                    "primary": {
                        "id": "vol-0207c46779e87af91",
                        "attributes": {
                            "availability_zone": "us-east-1a",
                            "encrypted": "true",
                            "id": "vol-0207c46779e87af91",
                            "size": "2000",
                            "snapshot_id": "",
                            "tags.%": "7",
                            "tags.Account_name": "jive-reco-prod",
                            "tags.Jive_service": "upena",
                            "tags.Name": "us-east-1-jive-reco-prod-newpena-reader-i7-v2",
                            "tags.Pipeline_phase": "prod",
                            "tags.Region": "us-east-1",
                            "tags.SLA": "prod",
                            "tags.Service_component": "upena-reader",
                            "type": "st1"
                        },
                        "meta": {},
                        "tainted": false
                    },
                    "deposed": [],
                    "provider": ""
                },
                "aws_ebs_volume.upena_reader_i7_v3": {
                    "type": "aws_ebs_volume",
                    "depends_on": [],
                    "primary": {
                        "id": "vol-00132734d8ef6e75f",
                        "attributes": {
                            "availability_zone": "us-east-1a",
                            "encrypted": "true",
                            "id": "vol-00132734d8ef6e75f",
                            "size": "2000",
                            "snapshot_id": "",
                            "tags.%": "7",
                            "tags.Account_name": "jive-reco-prod",
                            "tags.Jive_service": "upena",
                            "tags.Name": "us-east-1-jive-reco-prod-newpena-reader-i7-v3",
                            "tags.Pipeline_phase": "prod",
                            "tags.Region": "us-east-1",
                            "tags.SLA": "prod",
                            "tags.Service_component": "upena-reader",
                            "type": "st1"
                        },
                        "meta": {},
                        "tainted": false
                    },
                    "deposed": [],
                    "provider": ""
                },
                "aws_ebs_volume.upena_reader_i8_v0": {
                    "type": "aws_ebs_volume",
                    "depends_on": [],
                    "primary": {
                        "id": "vol-027374c268a991a1f",
                        "attributes": {
                            "availability_zone": "us-east-1b",
                            "encrypted": "true",
                            "id": "vol-027374c268a991a1f",
                            "size": "500",
                            "snapshot_id": "",
                            "tags.%": "7",
                            "tags.Account_name": "jive-reco-prod",
                            "tags.Jive_service": "upena",
                            "tags.Name": "us-east-1-jive-reco-prod-newpena-reader-i8-v0",
                            "tags.Pipeline_phase": "prod",
                            "tags.Region": "us-east-1",
                            "tags.SLA": "prod",
                            "tags.Service_component": "upena-reader",
                            "type": "st1"
                        },
                        "meta": {},
                        "tainted": false
                    },
                    "deposed": [],
                    "provider": ""
                },
                "aws_ebs_volume.upena_reader_i8_v1": {
                    "type": "aws_ebs_volume",
                    "depends_on": [],
                    "primary": {
                        "id": "vol-0f355a56d1ad02ce4",
                        "attributes": {
                            "availability_zone": "us-east-1b",
                            "encrypted": "true",
                            "id": "vol-0f355a56d1ad02ce4",
                            "size": "2000",
                            "snapshot_id": "",
                            "tags.%": "7",
                            "tags.Account_name": "jive-reco-prod",
                            "tags.Jive_service": "upena",
                            "tags.Name": "us-east-1-jive-reco-prod-newpena-reader-i8-v1",
                            "tags.Pipeline_phase": "prod",
                            "tags.Region": "us-east-1",
                            "tags.SLA": "prod",
                            "tags.Service_component": "upena-reader",
                            "type": "st1"
                        },
                        "meta": {},
                        "tainted": false
                    },
                    "deposed": [],
                    "provider": ""
                },
                "aws_ebs_volume.upena_reader_i8_v2": {
                    "type": "aws_ebs_volume",
                    "depends_on": [],
                    "primary": {
                        "id": "vol-0734de46793497615",
                        "attributes": {
                            "availability_zone": "us-east-1b",
                            "encrypted": "true",
                            "id": "vol-0734de46793497615",
                            "size": "2000",
                            "snapshot_id": "",
                            "tags.%": "7",
                            "tags.Account_name": "jive-reco-prod",
                            "tags.Jive_service": "upena",
                            "tags.Name": "us-east-1-jive-reco-prod-newpena-reader-i8-v2",
                            "tags.Pipeline_phase": "prod",
                            "tags.Region": "us-east-1",
                            "tags.SLA": "prod",
                            "tags.Service_component": "upena-reader",
                            "type": "st1"
                        },
                        "meta": {},
                        "tainted": false
                    },
                    "deposed": [],
                    "provider": ""
                },
                "aws_ebs_volume.upena_reader_i8_v3": {
                    "type": "aws_ebs_volume",
                    "depends_on": [],
                    "primary": {
                        "id": "vol-05966deb112ff8b2b",
                        "attributes": {
                            "availability_zone": "us-east-1b",
                            "encrypted": "true",
                            "id": "vol-05966deb112ff8b2b",
                            "size": "2000",
                            "snapshot_id": "",
                            "tags.%": "7",
                            "tags.Account_name": "jive-reco-prod",
                            "tags.Jive_service": "upena",
                            "tags.Name": "us-east-1-jive-reco-prod-newpena-reader-i8-v3",
                            "tags.Pipeline_phase": "prod",
                            "tags.Region": "us-east-1",
                            "tags.SLA": "prod",
                            "tags.Service_component": "upena-reader",
                            "type": "st1"
                        },
                        "meta": {},
                        "tainted": false
                    },
                    "deposed": [],
                    "provider": ""
                },
                "aws_ebs_volume.upena_reader_i9_v0": {
                    "type": "aws_ebs_volume",
                    "depends_on": [],
                    "primary": {
                        "id": "vol-0f3eaef83922a1f44",
                        "attributes": {
                            "availability_zone": "us-east-1c",
                            "encrypted": "true",
                            "id": "vol-0f3eaef83922a1f44",
                            "size": "500",
                            "snapshot_id": "",
                            "tags.%": "7",
                            "tags.Account_name": "jive-reco-prod",
                            "tags.Jive_service": "upena",
                            "tags.Name": "us-east-1-jive-reco-prod-newpena-reader-i9-v0",
                            "tags.Pipeline_phase": "prod",
                            "tags.Region": "us-east-1",
                            "tags.SLA": "prod",
                            "tags.Service_component": "upena-reader",
                            "type": "st1"
                        },
                        "meta": {},
                        "tainted": false
                    },
                    "deposed": [],
                    "provider": ""
                },
                "aws_ebs_volume.upena_reader_i9_v1": {
                    "type": "aws_ebs_volume",
                    "depends_on": [],
                    "primary": {
                        "id": "vol-09bfd0f6fd4b88786",
                        "attributes": {
                            "availability_zone": "us-east-1c",
                            "encrypted": "true",
                            "id": "vol-09bfd0f6fd4b88786",
                            "size": "2000",
                            "snapshot_id": "",
                            "tags.%": "7",
                            "tags.Account_name": "jive-reco-prod",
                            "tags.Jive_service": "upena",
                            "tags.Name": "us-east-1-jive-reco-prod-newpena-reader-i9-v1",
                            "tags.Pipeline_phase": "prod",
                            "tags.Region": "us-east-1",
                            "tags.SLA": "prod",
                            "tags.Service_component": "upena-reader",
                            "type": "st1"
                        },
                        "meta": {},
                        "tainted": false
                    },
                    "deposed": [],
                    "provider": ""
                },
                "aws_ebs_volume.upena_reader_i9_v2": {
                    "type": "aws_ebs_volume",
                    "depends_on": [],
                    "primary": {
                        "id": "vol-0465eb8230cd42fc2",
                        "attributes": {
                            "availability_zone": "us-east-1c",
                            "encrypted": "true",
                            "id": "vol-0465eb8230cd42fc2",
                            "size": "2000",
                            "snapshot_id": "",
                            "tags.%": "7",
                            "tags.Account_name": "jive-reco-prod",
                            "tags.Jive_service": "upena",
                            "tags.Name": "us-east-1-jive-reco-prod-newpena-reader-i9-v2",
                            "tags.Pipeline_phase": "prod",
                            "tags.Region": "us-east-1",
                            "tags.SLA": "prod",
                            "tags.Service_component": "upena-reader",
                            "type": "st1"
                        },
                        "meta": {},
                        "tainted": false
                    },
                    "deposed": [],
                    "provider": ""
                },
                "aws_ebs_volume.upena_reader_i9_v3": {
                    "type": "aws_ebs_volume",
                    "depends_on": [],
                    "primary": {
                        "id": "vol-0bf539cd222eb736b",
                        "attributes": {
                            "availability_zone": "us-east-1c",
                            "encrypted": "true",
                            "id": "vol-0bf539cd222eb736b",
                            "size": "2000",
                            "snapshot_id": "",
                            "tags.%": "7",
                            "tags.Account_name": "jive-reco-prod",
                            "tags.Jive_service": "upena",
                            "tags.Name": "us-east-1-jive-reco-prod-newpena-reader-i9-v3",
                            "tags.Pipeline_phase": "prod",
                            "tags.Region": "us-east-1",
                            "tags.SLA": "prod",
                            "tags.Service_component": "upena-reader",
                            "type": "st1"
                        },
                        "meta": {},
                        "tainted": false
                    },
                    "deposed": [],
                    "provider": ""
                },
                "aws_instance.upena_reader_i1": {
                    "type": "aws_instance",
                    "depends_on": [
                        "aws_security_group.upena_reader_sg"
                    ],
                    "primary": {
                        "id": "i-022a8c71e3f804555",
                        "attributes": {
                            "ami": "ami-8c1be5f6",
                            "associate_public_ip_address": "false",
                            "availability_zone": "us-east-1a",
                            "disable_api_termination": "false",
                            "ebs_block_device.#": "0",
                            "ebs_optimized": "true",
                            "ephemeral_block_device.#": "0",
                            "iam_instance_profile": "upena-profile",
                            "id": "i-022a8c71e3f804555",
                            "instance_state": "running",
                            "instance_type": "r4.xlarge",
                            "ipv6_address_count": "0",
                            "ipv6_addresses.#": "0",
                            "key_name": "reco-prod",
                            "monitoring": "false",
                            "network_interface.#": "0",
                            "network_interface_id": "eni-e0d6b951",
                            "primary_network_interface_id": "eni-e0d6b951",
                            "private_dns": "ip-10-126-112-36.ec2.internal",
                            "private_ip": "10.126.112.36",
                            "public_dns": "",
                            "public_ip": "",
                            "root_block_device.#": "1",
                            "root_block_device.0.delete_on_termination": "true",
                            "root_block_device.0.iops": "0",
                            "root_block_device.0.volume_size": "8",
                            "root_block_device.0.volume_type": "standard",
                            "security_groups.#": "0",
                            "source_dest_check": "true",
                            "subnet_id": "subnet-bc450af4",
                            "tags.%": "7",
                            "tags.Account_name": "jive-reco-prod",
                            "tags.Jive_service": "upena",
                            "tags.Name": "us-east-1-jive-reco-prod-newpena-reader-i1",
                            "tags.Pipeline_phase": "prod",
                            "tags.Region": "us-east-1",
                            "tags.SLA": "prod",
                            "tags.Service_component": "upena-reader",
                            "tenancy": "default",
                            "user_data": "45482771671415e57a11ea31bfedae83d3b64e4a",
                            "volume_tags.%": "0",
                            "vpc_security_group_ids.#": "2",
                            "vpc_security_group_ids.2109542505": "sg-1edb5b6c",
                            "vpc_security_group_ids.908896562": "sg-4ac4bc3b"
                        },
                        "meta": {
                            "schema_version": "1"
                        },
                        "tainted": false
                    },
                    "deposed": [],
                    "provider": ""
                },
                "aws_instance.upena_reader_i2": {
                    "type": "aws_instance",
                    "depends_on": [
                        "aws_security_group.upena_reader_sg"
                    ],
                    "primary": {
                        "id": "i-0d0a590d3df0221c9",
                        "attributes": {
                            "ami": "ami-8c1be5f6",
                            "associate_public_ip_address": "false",
                            "availability_zone": "us-east-1b",
                            "disable_api_termination": "false",
                            "ebs_block_device.#": "0",
                            "ebs_optimized": "true",
                            "ephemeral_block_device.#": "0",
                            "iam_instance_profile": "upena-profile",
                            "id": "i-0d0a590d3df0221c9",
                            "instance_state": "running",
                            "instance_type": "r4.xlarge",
                            "ipv6_address_count": "0",
                            "ipv6_addresses.#": "0",
                            "key_name": "reco-prod",
                            "monitoring": "false",
                            "network_interface.#": "0",
                            "network_interface_id": "eni-26824991",
                            "primary_network_interface_id": "eni-26824991",
                            "private_dns": "ip-10-126-115-249.ec2.internal",
                            "private_ip": "10.126.115.249",
                            "public_dns": "",
                            "public_ip": "",
                            "root_block_device.#": "1",
                            "root_block_device.0.delete_on_termination": "true",
                            "root_block_device.0.iops": "0",
                            "root_block_device.0.volume_size": "8",
                            "root_block_device.0.volume_type": "standard",
                            "security_groups.#": "0",
                            "source_dest_check": "true",
                            "subnet_id": "subnet-7d25a927",
                            "tags.%": "7",
                            "tags.Account_name": "jive-reco-prod",
                            "tags.Jive_service": "upena",
                            "tags.Name": "us-east-1-jive-reco-prod-newpena-reader-i2",
                            "tags.Pipeline_phase": "prod",
                            "tags.Region": "us-east-1",
                            "tags.SLA": "prod",
                            "tags.Service_component": "upena-reader",
                            "tenancy": "default",
                            "user_data": "45482771671415e57a11ea31bfedae83d3b64e4a",
                            "volume_tags.%": "0",
                            "vpc_security_group_ids.#": "2",
                            "vpc_security_group_ids.2109542505": "sg-1edb5b6c",
                            "vpc_security_group_ids.908896562": "sg-4ac4bc3b"
                        },
                        "meta": {
                            "schema_version": "1"
                        },
                        "tainted": false
                    },
                    "deposed": [],
                    "provider": ""
                },
                "aws_instance.upena_reader_i3": {
                    "type": "aws_instance",
                    "depends_on": [
                        "aws_security_group.upena_reader_sg"
                    ],
                    "primary": {
                        "id": "i-0b01457b65f2e28bb",
                        "attributes": {
                            "ami": "ami-8c1be5f6",
                            "associate_public_ip_address": "false",
                            "availability_zone": "us-east-1c",
                            "disable_api_termination": "false",
                            "ebs_block_device.#": "0",
                            "ebs_optimized": "true",
                            "ephemeral_block_device.#": "0",
                            "iam_instance_profile": "upena-profile",
                            "id": "i-0b01457b65f2e28bb",
                            "instance_state": "running",
                            "instance_type": "r4.xlarge",
                            "ipv6_address_count": "0",
                            "ipv6_addresses.#": "0",
                            "key_name": "reco-prod",
                            "monitoring": "false",
                            "network_interface.#": "0",
                            "network_interface_id": "eni-b96e8faf",
                            "primary_network_interface_id": "eni-b96e8faf",
                            "private_dns": "ip-10-126-117-237.ec2.internal",
                            "private_ip": "10.126.117.237",
                            "public_dns": "",
                            "public_ip": "",
                            "root_block_device.#": "1",
                            "root_block_device.0.delete_on_termination": "true",
                            "root_block_device.0.iops": "0",
                            "root_block_device.0.volume_size": "8",
                            "root_block_device.0.volume_type": "standard",
                            "security_groups.#": "0",
                            "source_dest_check": "true",
                            "subnet_id": "subnet-ef28cc8b",
                            "tags.%": "7",
                            "tags.Account_name": "jive-reco-prod",
                            "tags.Jive_service": "upena",
                            "tags.Name": "us-east-1-jive-reco-prod-newpena-reader-i3",
                            "tags.Pipeline_phase": "prod",
                            "tags.Region": "us-east-1",
                            "tags.SLA": "prod",
                            "tags.Service_component": "upena-reader",
                            "tenancy": "default",
                            "user_data": "45482771671415e57a11ea31bfedae83d3b64e4a",
                            "volume_tags.%": "0",
                            "vpc_security_group_ids.#": "2",
                            "vpc_security_group_ids.2109542505": "sg-1edb5b6c",
                            "vpc_security_group_ids.908896562": "sg-4ac4bc3b"
                        },
                        "meta": {
                            "schema_version": "1"
                        },
                        "tainted": false
                    },
                    "deposed": [],
                    "provider": ""
                },
                "aws_instance.upena_reader_i4": {
                    "type": "aws_instance",
                    "depends_on": [
                        "aws_security_group.upena_reader_sg"
                    ],
                    "primary": {
                        "id": "i-016a6eebeee4421ac",
                        "attributes": {
                            "ami": "ami-8c1be5f6",
                            "associate_public_ip_address": "false",
                            "availability_zone": "us-east-1a",
                            "disable_api_termination": "false",
                            "ebs_block_device.#": "0",
                            "ebs_optimized": "true",
                            "ephemeral_block_device.#": "0",
                            "iam_instance_profile": "upena-profile",
                            "id": "i-016a6eebeee4421ac",
                            "instance_state": "running",
                            "instance_type": "r4.xlarge",
                            "ipv6_address_count": "0",
                            "ipv6_addresses.#": "0",
                            "key_name": "reco-prod",
                            "monitoring": "false",
                            "network_interface.#": "0",
                            "network_interface_id": "eni-5cd3bced",
                            "primary_network_interface_id": "eni-5cd3bced",
                            "private_dns": "ip-10-126-113-207.ec2.internal",
                            "private_ip": "10.126.113.207",
                            "public_dns": "",
                            "public_ip": "",
                            "root_block_device.#": "1",
                            "root_block_device.0.delete_on_termination": "true",
                            "root_block_device.0.iops": "0",
                            "root_block_device.0.volume_size": "8",
                            "root_block_device.0.volume_type": "standard",
                            "security_groups.#": "0",
                            "source_dest_check": "true",
                            "subnet_id": "subnet-bc450af4",
                            "tags.%": "7",
                            "tags.Account_name": "jive-reco-prod",
                            "tags.Jive_service": "upena",
                            "tags.Name": "us-east-1-jive-reco-prod-newpena-reader-i4",
                            "tags.Pipeline_phase": "prod",
                            "tags.Region": "us-east-1",
                            "tags.SLA": "prod",
                            "tags.Service_component": "upena-reader",
                            "tenancy": "default",
                            "user_data": "45482771671415e57a11ea31bfedae83d3b64e4a",
                            "volume_tags.%": "0",
                            "vpc_security_group_ids.#": "2",
                            "vpc_security_group_ids.2109542505": "sg-1edb5b6c",
                            "vpc_security_group_ids.908896562": "sg-4ac4bc3b"
                        },
                        "meta": {
                            "schema_version": "1"
                        },
                        "tainted": false
                    },
                    "deposed": [],
                    "provider": ""
                },
                "aws_instance.upena_reader_i5": {
                    "type": "aws_instance",
                    "depends_on": [
                        "aws_security_group.upena_reader_sg"
                    ],
                    "primary": {
                        "id": "i-0cce3a953b85006af",
                        "attributes": {
                            "ami": "ami-8c1be5f6",
                            "associate_public_ip_address": "false",
                            "availability_zone": "us-east-1b",
                            "disable_api_termination": "false",
                            "ebs_block_device.#": "0",
                            "ebs_optimized": "true",
                            "ephemeral_block_device.#": "0",
                            "iam_instance_profile": "upena-profile",
                            "id": "i-0cce3a953b85006af",
                            "instance_state": "running",
                            "instance_type": "r4.xlarge",
                            "ipv6_address_count": "0",
                            "ipv6_addresses.#": "0",
                            "key_name": "reco-prod",
                            "monitoring": "false",
                            "network_interface.#": "0",
                            "network_interface_id": "eni-348d4683",
                            "primary_network_interface_id": "eni-348d4683",
                            "private_dns": "ip-10-126-115-246.ec2.internal",
                            "private_ip": "10.126.115.246",
                            "public_dns": "",
                            "public_ip": "",
                            "root_block_device.#": "1",
                            "root_block_device.0.delete_on_termination": "true",
                            "root_block_device.0.iops": "0",
                            "root_block_device.0.volume_size": "8",
                            "root_block_device.0.volume_type": "standard",
                            "security_groups.#": "0",
                            "source_dest_check": "true",
                            "subnet_id": "subnet-7d25a927",
                            "tags.%": "7",
                            "tags.Account_name": "jive-reco-prod",
                            "tags.Jive_service": "upena",
                            "tags.Name": "us-east-1-jive-reco-prod-newpena-reader-i5",
                            "tags.Pipeline_phase": "prod",
                            "tags.Region": "us-east-1",
                            "tags.SLA": "prod",
                            "tags.Service_component": "upena-reader",
                            "tenancy": "default",
                            "user_data": "45482771671415e57a11ea31bfedae83d3b64e4a",
                            "volume_tags.%": "0",
                            "vpc_security_group_ids.#": "2",
                            "vpc_security_group_ids.2109542505": "sg-1edb5b6c",
                            "vpc_security_group_ids.908896562": "sg-4ac4bc3b"
                        },
                        "meta": {
                            "schema_version": "1"
                        },
                        "tainted": false
                    },
                    "deposed": [],
                    "provider": ""
                },
                "aws_instance.upena_reader_i6": {
                    "type": "aws_instance",
                    "depends_on": [
                        "aws_security_group.upena_reader_sg"
                    ],
                    "primary": {
                        "id": "i-0e8fd5b58d9e88ee3",
                        "attributes": {
                            "ami": "ami-8c1be5f6",
                            "associate_public_ip_address": "false",
                            "availability_zone": "us-east-1c",
                            "disable_api_termination": "false",
                            "ebs_block_device.#": "0",
                            "ebs_optimized": "true",
                            "ephemeral_block_device.#": "0",
                            "iam_instance_profile": "upena-profile",
                            "id": "i-0e8fd5b58d9e88ee3",
                            "instance_state": "running",
                            "instance_type": "r4.xlarge",
                            "ipv6_address_count": "0",
                            "ipv6_addresses.#": "0",
                            "key_name": "reco-prod",
                            "monitoring": "false",
                            "network_interface.#": "0",
                            "network_interface_id": "eni-066f8e10",
                            "primary_network_interface_id": "eni-066f8e10",
                            "private_dns": "ip-10-126-116-119.ec2.internal",
                            "private_ip": "10.126.116.119",
                            "public_dns": "",
                            "public_ip": "",
                            "root_block_device.#": "1",
                            "root_block_device.0.delete_on_termination": "true",
                            "root_block_device.0.iops": "0",
                            "root_block_device.0.volume_size": "8",
                            "root_block_device.0.volume_type": "standard",
                            "security_groups.#": "0",
                            "source_dest_check": "true",
                            "subnet_id": "subnet-ef28cc8b",
                            "tags.%": "7",
                            "tags.Account_name": "jive-reco-prod",
                            "tags.Jive_service": "upena",
                            "tags.Name": "us-east-1-jive-reco-prod-newpena-reader-i6",
                            "tags.Pipeline_phase": "prod",
                            "tags.Region": "us-east-1",
                            "tags.SLA": "prod",
                            "tags.Service_component": "upena-reader",
                            "tenancy": "default",
                            "user_data": "45482771671415e57a11ea31bfedae83d3b64e4a",
                            "volume_tags.%": "0",
                            "vpc_security_group_ids.#": "2",
                            "vpc_security_group_ids.2109542505": "sg-1edb5b6c",
                            "vpc_security_group_ids.908896562": "sg-4ac4bc3b"
                        },
                        "meta": {
                            "schema_version": "1"
                        },
                        "tainted": false
                    },
                    "deposed": [],
                    "provider": ""
                },
                "aws_instance.upena_reader_i7": {
                    "type": "aws_instance",
                    "depends_on": [
                        "aws_security_group.upena_reader_sg"
                    ],
                    "primary": {
                        "id": "i-0d211824b300d522f",
                        "attributes": {
                            "ami": "ami-8c1be5f6",
                            "associate_public_ip_address": "false",
                            "availability_zone": "us-east-1a",
                            "disable_api_termination": "false",
                            "ebs_block_device.#": "0",
                            "ebs_optimized": "true",
                            "ephemeral_block_device.#": "0",
                            "iam_instance_profile": "upena-profile",
                            "id": "i-0d211824b300d522f",
                            "instance_state": "running",
                            "instance_type": "r4.xlarge",
                            "ipv6_address_count": "0",
                            "ipv6_addresses.#": "0",
                            "key_name": "reco-prod",
                            "monitoring": "false",
                            "network_interface.#": "0",
                            "network_interface_id": "eni-6cd5badd",
                            "primary_network_interface_id": "eni-6cd5badd",
                            "private_dns": "ip-10-126-113-211.ec2.internal",
                            "private_ip": "10.126.113.211",
                            "public_dns": "",
                            "public_ip": "",
                            "root_block_device.#": "1",
                            "root_block_device.0.delete_on_termination": "true",
                            "root_block_device.0.iops": "0",
                            "root_block_device.0.volume_size": "8",
                            "root_block_device.0.volume_type": "standard",
                            "security_groups.#": "0",
                            "source_dest_check": "true",
                            "subnet_id": "subnet-bc450af4",
                            "tags.%": "7",
                            "tags.Account_name": "jive-reco-prod",
                            "tags.Jive_service": "upena",
                            "tags.Name": "us-east-1-jive-reco-prod-newpena-reader-i7",
                            "tags.Pipeline_phase": "prod",
                            "tags.Region": "us-east-1",
                            "tags.SLA": "prod",
                            "tags.Service_component": "upena-reader",
                            "tenancy": "default",
                            "user_data": "45482771671415e57a11ea31bfedae83d3b64e4a",
                            "volume_tags.%": "0",
                            "vpc_security_group_ids.#": "2",
                            "vpc_security_group_ids.2109542505": "sg-1edb5b6c",
                            "vpc_security_group_ids.908896562": "sg-4ac4bc3b"
                        },
                        "meta": {
                            "schema_version": "1"
                        },
                        "tainted": false
                    },
                    "deposed": [],
                    "provider": ""
                },
                "aws_instance.upena_reader_i8": {
                    "type": "aws_instance",
                    "depends_on": [
                        "aws_security_group.upena_reader_sg"
                    ],
                    "primary": {
                        "id": "i-0030fb7120071f9d7",
                        "attributes": {
                            "ami": "ami-8c1be5f6",
                            "associate_public_ip_address": "false",
                            "availability_zone": "us-east-1b",
                            "disable_api_termination": "false",
                            "ebs_block_device.#": "0",
                            "ebs_optimized": "true",
                            "ephemeral_block_device.#": "0",
                            "iam_instance_profile": "upena-profile",
                            "id": "i-0030fb7120071f9d7",
                            "instance_state": "running",
                            "instance_type": "r4.xlarge",
                            "ipv6_address_count": "0",
                            "ipv6_addresses.#": "0",
                            "key_name": "reco-prod",
                            "monitoring": "false",
                            "network_interface.#": "0",
                            "network_interface_id": "eni-478f44f0",
                            "primary_network_interface_id": "eni-478f44f0",
                            "private_dns": "ip-10-126-115-186.ec2.internal",
                            "private_ip": "10.126.115.186",
                            "public_dns": "",
                            "public_ip": "",
                            "root_block_device.#": "1",
                            "root_block_device.0.delete_on_termination": "true",
                            "root_block_device.0.iops": "0",
                            "root_block_device.0.volume_size": "8",
                            "root_block_device.0.volume_type": "standard",
                            "security_groups.#": "0",
                            "source_dest_check": "true",
                            "subnet_id": "subnet-7d25a927",
                            "tags.%": "7",
                            "tags.Account_name": "jive-reco-prod",
                            "tags.Jive_service": "upena",
                            "tags.Name": "us-east-1-jive-reco-prod-newpena-reader-i8",
                            "tags.Pipeline_phase": "prod",
                            "tags.Region": "us-east-1",
                            "tags.SLA": "prod",
                            "tags.Service_component": "upena-reader",
                            "tenancy": "default",
                            "user_data": "45482771671415e57a11ea31bfedae83d3b64e4a",
                            "volume_tags.%": "0",
                            "vpc_security_group_ids.#": "2",
                            "vpc_security_group_ids.2109542505": "sg-1edb5b6c",
                            "vpc_security_group_ids.908896562": "sg-4ac4bc3b"
                        },
                        "meta": {
                            "schema_version": "1"
                        },
                        "tainted": false
                    },
                    "deposed": [],
                    "provider": ""
                },
                "aws_instance.upena_reader_i9": {
                    "type": "aws_instance",
                    "depends_on": [
                        "aws_security_group.upena_reader_sg"
                    ],
                    "primary": {
                        "id": "i-04afa591e47a67d3a",
                        "attributes": {
                            "ami": "ami-8c1be5f6",
                            "associate_public_ip_address": "false",
                            "availability_zone": "us-east-1c",
                            "disable_api_termination": "false",
                            "ebs_block_device.#": "0",
                            "ebs_optimized": "true",
                            "ephemeral_block_device.#": "0",
                            "iam_instance_profile": "upena-profile",
                            "id": "i-04afa591e47a67d3a",
                            "instance_state": "running",
                            "instance_type": "r4.xlarge",
                            "ipv6_address_count": "0",
                            "ipv6_addresses.#": "0",
                            "key_name": "reco-prod",
                            "monitoring": "false",
                            "network_interface.#": "0",
                            "network_interface_id": "eni-11729307",
                            "primary_network_interface_id": "eni-11729307",
                            "private_dns": "ip-10-126-117-241.ec2.internal",
                            "private_ip": "10.126.117.241",
                            "public_dns": "",
                            "public_ip": "",
                            "root_block_device.#": "1",
                            "root_block_device.0.delete_on_termination": "true",
                            "root_block_device.0.iops": "0",
                            "root_block_device.0.volume_size": "8",
                            "root_block_device.0.volume_type": "standard",
                            "security_groups.#": "0",
                            "source_dest_check": "true",
                            "subnet_id": "subnet-ef28cc8b",
                            "tags.%": "7",
                            "tags.Account_name": "jive-reco-prod",
                            "tags.Jive_service": "upena",
                            "tags.Name": "us-east-1-jive-reco-prod-newpena-reader-i9",
                            "tags.Pipeline_phase": "prod",
                            "tags.Region": "us-east-1",
                            "tags.SLA": "prod",
                            "tags.Service_component": "upena-reader",
                            "tenancy": "default",
                            "user_data": "45482771671415e57a11ea31bfedae83d3b64e4a",
                            "volume_tags.%": "0",
                            "vpc_security_group_ids.#": "2",
                            "vpc_security_group_ids.2109542505": "sg-1edb5b6c",
                            "vpc_security_group_ids.908896562": "sg-4ac4bc3b"
                        },
                        "meta": {
                            "schema_version": "1"
                        },
                        "tainted": false
                    },
                    "deposed": [],
                    "provider": ""
                },
                "aws_route53_record.newpena_reader_ri1": {
                    "type": "aws_route53_record",
                    "depends_on": [
                        "aws_instance.upena_reader_i1"
                    ],
                    "primary": {
                        "id": "Z3G5VQCYCT435Y_us-east-1-jive-reco-prod-newpena-reader-i1_A",
                        "attributes": {
                            "fqdn": "us-east-1-jive-reco-prod-newpena-reader-i1.jiveprivate.com",
                            "health_check_id": "",
                            "id": "Z3G5VQCYCT435Y_us-east-1-jive-reco-prod-newpena-reader-i1_A",
                            "name": "us-east-1-jive-reco-prod-newpena-reader-i1",
                            "records.#": "1",
                            "records.1321801667": "10.126.112.36",
                            "set_identifier": "",
                            "ttl": "60",
                            "type": "A",
                            "zone_id": "Z3G5VQCYCT435Y"
                        },
                        "meta": {
                            "schema_version": "2"
                        },
                        "tainted": false
                    },
                    "deposed": [],
                    "provider": ""
                },
                "aws_route53_record.newpena_reader_ri2": {
                    "type": "aws_route53_record",
                    "depends_on": [
                        "aws_instance.upena_reader_i2"
                    ],
                    "primary": {
                        "id": "Z3G5VQCYCT435Y_us-east-1-jive-reco-prod-newpena-reader-i2_A",
                        "attributes": {
                            "fqdn": "us-east-1-jive-reco-prod-newpena-reader-i2.jiveprivate.com",
                            "health_check_id": "",
                            "id": "Z3G5VQCYCT435Y_us-east-1-jive-reco-prod-newpena-reader-i2_A",
                            "name": "us-east-1-jive-reco-prod-newpena-reader-i2",
                            "records.#": "1",
                            "records.250669373": "10.126.115.249",
                            "set_identifier": "",
                            "ttl": "60",
                            "type": "A",
                            "zone_id": "Z3G5VQCYCT435Y"
                        },
                        "meta": {
                            "schema_version": "2"
                        },
                        "tainted": false
                    },
                    "deposed": [],
                    "provider": ""
                },
                "aws_route53_record.newpena_reader_ri3": {
                    "type": "aws_route53_record",
                    "depends_on": [
                        "aws_instance.upena_reader_i3"
                    ],
                    "primary": {
                        "id": "Z3G5VQCYCT435Y_us-east-1-jive-reco-prod-newpena-reader-i3_A",
                        "attributes": {
                            "fqdn": "us-east-1-jive-reco-prod-newpena-reader-i3.jiveprivate.com",
                            "health_check_id": "",
                            "id": "Z3G5VQCYCT435Y_us-east-1-jive-reco-prod-newpena-reader-i3_A",
                            "name": "us-east-1-jive-reco-prod-newpena-reader-i3",
                            "records.#": "1",
                            "records.3704160669": "10.126.117.237",
                            "set_identifier": "",
                            "ttl": "60",
                            "type": "A",
                            "zone_id": "Z3G5VQCYCT435Y"
                        },
                        "meta": {
                            "schema_version": "2"
                        },
                        "tainted": false
                    },
                    "deposed": [],
                    "provider": ""
                },
                "aws_route53_record.newpena_reader_ri4": {
                    "type": "aws_route53_record",
                    "depends_on": [
                        "aws_instance.upena_reader_i4"
                    ],
                    "primary": {
                        "id": "Z3G5VQCYCT435Y_us-east-1-jive-reco-prod-newpena-reader-i4_A",
                        "attributes": {
                            "fqdn": "us-east-1-jive-reco-prod-newpena-reader-i4.jiveprivate.com",
                            "health_check_id": "",
                            "id": "Z3G5VQCYCT435Y_us-east-1-jive-reco-prod-newpena-reader-i4_A",
                            "name": "us-east-1-jive-reco-prod-newpena-reader-i4",
                            "records.#": "1",
                            "records.40170654": "10.126.113.207",
                            "set_identifier": "",
                            "ttl": "60",
                            "type": "A",
                            "zone_id": "Z3G5VQCYCT435Y"
                        },
                        "meta": {
                            "schema_version": "2"
                        },
                        "tainted": false
                    },
                    "deposed": [],
                    "provider": ""
                },
                "aws_route53_record.newpena_reader_ri5": {
                    "type": "aws_route53_record",
                    "depends_on": [
                        "aws_instance.upena_reader_i5"
                    ],
                    "primary": {
                        "id": "Z3G5VQCYCT435Y_us-east-1-jive-reco-prod-newpena-reader-i5_A",
                        "attributes": {
                            "fqdn": "us-east-1-jive-reco-prod-newpena-reader-i5.jiveprivate.com",
                            "health_check_id": "",
                            "id": "Z3G5VQCYCT435Y_us-east-1-jive-reco-prod-newpena-reader-i5_A",
                            "name": "us-east-1-jive-reco-prod-newpena-reader-i5",
                            "records.#": "1",
                            "records.2656040108": "10.126.115.246",
                            "set_identifier": "",
                            "ttl": "60",
                            "type": "A",
                            "zone_id": "Z3G5VQCYCT435Y"
                        },
                        "meta": {
                            "schema_version": "2"
                        },
                        "tainted": false
                    },
                    "deposed": [],
                    "provider": ""
                },
                "aws_route53_record.newpena_reader_ri6": {
                    "type": "aws_route53_record",
                    "depends_on": [
                        "aws_instance.upena_reader_i6"
                    ],
                    "primary": {
                        "id": "Z3G5VQCYCT435Y_us-east-1-jive-reco-prod-newpena-reader-i6_A",
                        "attributes": {
                            "fqdn": "us-east-1-jive-reco-prod-newpena-reader-i6.jiveprivate.com",
                            "health_check_id": "",
                            "id": "Z3G5VQCYCT435Y_us-east-1-jive-reco-prod-newpena-reader-i6_A",
                            "name": "us-east-1-jive-reco-prod-newpena-reader-i6",
                            "records.#": "1",
                            "records.912382449": "10.126.116.119",
                            "set_identifier": "",
                            "ttl": "60",
                            "type": "A",
                            "zone_id": "Z3G5VQCYCT435Y"
                        },
                        "meta": {
                            "schema_version": "2"
                        },
                        "tainted": false
                    },
                    "deposed": [],
                    "provider": ""
                },
                "aws_route53_record.newpena_reader_ri7": {
                    "type": "aws_route53_record",
                    "depends_on": [
                        "aws_instance.upena_reader_i7"
                    ],
                    "primary": {
                        "id": "Z3G5VQCYCT435Y_us-east-1-jive-reco-prod-newpena-reader-i7_A",
                        "attributes": {
                            "fqdn": "us-east-1-jive-reco-prod-newpena-reader-i7.jiveprivate.com",
                            "health_check_id": "",
                            "id": "Z3G5VQCYCT435Y_us-east-1-jive-reco-prod-newpena-reader-i7_A",
                            "name": "us-east-1-jive-reco-prod-newpena-reader-i7",
                            "records.#": "1",
                            "records.4061946090": "10.126.113.211",
                            "set_identifier": "",
                            "ttl": "60",
                            "type": "A",
                            "zone_id": "Z3G5VQCYCT435Y"
                        },
                        "meta": {
                            "schema_version": "2"
                        },
                        "tainted": false
                    },
                    "deposed": [],
                    "provider": ""
                },
                "aws_route53_record.newpena_reader_ri8": {
                    "type": "aws_route53_record",
                    "depends_on": [
                        "aws_instance.upena_reader_i8"
                    ],
                    "primary": {
                        "id": "Z3G5VQCYCT435Y_us-east-1-jive-reco-prod-newpena-reader-i8_A",
                        "attributes": {
                            "fqdn": "us-east-1-jive-reco-prod-newpena-reader-i8.jiveprivate.com",
                            "health_check_id": "",
                            "id": "Z3G5VQCYCT435Y_us-east-1-jive-reco-prod-newpena-reader-i8_A",
                            "name": "us-east-1-jive-reco-prod-newpena-reader-i8",
                            "records.#": "1",
                            "records.817628665": "10.126.115.186",
                            "set_identifier": "",
                            "ttl": "60",
                            "type": "A",
                            "zone_id": "Z3G5VQCYCT435Y"
                        },
                        "meta": {
                            "schema_version": "2"
                        },
                        "tainted": false
                    },
                    "deposed": [],
                    "provider": ""
                },
                "aws_route53_record.newpena_reader_ri9": {
                    "type": "aws_route53_record",
                    "depends_on": [
                        "aws_instance.upena_reader_i9"
                    ],
                    "primary": {
                        "id": "Z3G5VQCYCT435Y_us-east-1-jive-reco-prod-newpena-reader-i9_A",
                        "attributes": {
                            "fqdn": "us-east-1-jive-reco-prod-newpena-reader-i9.jiveprivate.com",
                            "health_check_id": "",
                            "id": "Z3G5VQCYCT435Y_us-east-1-jive-reco-prod-newpena-reader-i9_A",
                            "name": "us-east-1-jive-reco-prod-newpena-reader-i9",
                            "records.#": "1",
                            "records.2062234223": "10.126.117.241",
                            "set_identifier": "",
                            "ttl": "60",
                            "type": "A",
                            "zone_id": "Z3G5VQCYCT435Y"
                        },
                        "meta": {
                            "schema_version": "2"
                        },
                        "tainted": false
                    },
                    "deposed": [],
                    "provider": ""
                },
                "aws_security_group.upena_reader_sg": {
                    "type": "aws_security_group",
                    "depends_on": [],
                    "primary": {
                        "id": "sg-1edb5b6c",
                        "attributes": {
                            "description": "Allows necessary communication between upena-reader instances",
                            "egress.#": "0",
                            "id": "sg-1edb5b6c",
                            "ingress.#": "2",
                            "ingress.1251094559.cidr_blocks.#": "1",
                            "ingress.1251094559.cidr_blocks.0": "0.0.0.0/0",
                            "ingress.1251094559.from_port": "1175",
                            "ingress.1251094559.ipv6_cidr_blocks.#": "0",
                            "ingress.1251094559.protocol": "tcp",
                            "ingress.1251094559.security_groups.#": "0",
                            "ingress.1251094559.self": "false",
                            "ingress.1251094559.to_port": "1175",
                            "ingress.3258786324.cidr_blocks.#": "1",
                            "ingress.3258786324.cidr_blocks.0": "0.0.0.0/0",
                            "ingress.3258786324.from_port": "10000",
                            "ingress.3258786324.ipv6_cidr_blocks.#": "0",
                            "ingress.3258786324.protocol": "tcp",
                            "ingress.3258786324.security_groups.#": "0",
                            "ingress.3258786324.self": "false",
                            "ingress.3258786324.to_port": "11000",
                            "name": "us-east-1-jive-reco-prod-upena-reader",
                            "owner_id": "870846026232",
                            "tags.%": "7",
                            "tags.Account_name": "jive-reco-prod",
                            "tags.Jive_service": "upena",
                            "tags.Name": "us-east-1-jive-reco-prod-upena-reader",
                            "tags.Pipeline_phase": "prod",
                            "tags.Region": "us-east-1",
                            "tags.SLA": "prod",
                            "tags.Service_component": "upena-reader",
                            "vpc_id": "vpc-0175e878"
                        },
                        "meta": {},
                        "tainted": false
                    },
                    "deposed": [],
                    "provider": ""
                },
                "aws_volume_attachment.upena_reader_i1_av0": {
                    "type": "aws_volume_attachment",
                    "depends_on": [
                        "aws_ebs_volume.upena_reader_i1_v0",
                        "aws_instance.upena_reader_i1"
                    ],
                    "primary": {
                        "id": "vai-2473187308",
                        "attributes": {
                            "device_name": "/dev/sdd",
                            "force_detach": "true",
                            "id": "vai-2473187308",
                            "instance_id": "i-022a8c71e3f804555",
                            "volume_id": "vol-0236901cf3a754721"
                        },
                        "meta": {},
                        "tainted": false
                    },
                    "deposed": [],
                    "provider": ""
                },
                "aws_volume_attachment.upena_reader_i1_av1": {
                    "type": "aws_volume_attachment",
                    "depends_on": [
                        "aws_ebs_volume.upena_reader_i1_v1",
                        "aws_instance.upena_reader_i1"
                    ],
                    "primary": {
                        "id": "vai-4237651926",
                        "attributes": {
                            "device_name": "/dev/sde",
                            "force_detach": "true",
                            "id": "vai-4237651926",
                            "instance_id": "i-022a8c71e3f804555",
                            "volume_id": "vol-0d64ca21104396623"
                        },
                        "meta": {},
                        "tainted": false
                    },
                    "deposed": [],
                    "provider": ""
                },
                "aws_volume_attachment.upena_reader_i1_av2": {
                    "type": "aws_volume_attachment",
                    "depends_on": [
                        "aws_ebs_volume.upena_reader_i1_v2",
                        "aws_instance.upena_reader_i1"
                    ],
                    "primary": {
                        "id": "vai-407034384",
                        "attributes": {
                            "device_name": "/dev/sdf",
                            "force_detach": "true",
                            "id": "vai-407034384",
                            "instance_id": "i-022a8c71e3f804555",
                            "volume_id": "vol-0de6215bdd302a973"
                        },
                        "meta": {},
                        "tainted": false
                    },
                    "deposed": [],
                    "provider": ""
                },
                "aws_volume_attachment.upena_reader_i1_av3": {
                    "type": "aws_volume_attachment",
                    "depends_on": [
                        "aws_ebs_volume.upena_reader_i1_v3",
                        "aws_instance.upena_reader_i1"
                    ],
                    "primary": {
                        "id": "vai-63926959",
                        "attributes": {
                            "device_name": "/dev/sdg",
                            "force_detach": "true",
                            "id": "vai-63926959",
                            "instance_id": "i-022a8c71e3f804555",
                            "volume_id": "vol-0cc75a30f73a4b953"
                        },
                        "meta": {},
                        "tainted": false
                    },
                    "deposed": [],
                    "provider": ""
                },
                "aws_volume_attachment.upena_reader_i2_av0": {
                    "type": "aws_volume_attachment",
                    "depends_on": [
                        "aws_ebs_volume.upena_reader_i2_v0",
                        "aws_instance.upena_reader_i2"
                    ],
                    "primary": {
                        "id": "vai-667139445",
                        "attributes": {
                            "device_name": "/dev/sdd",
                            "force_detach": "true",
                            "id": "vai-667139445",
                            "instance_id": "i-0d0a590d3df0221c9",
                            "volume_id": "vol-09fe0fa45668e154e"
                        },
                        "meta": {},
                        "tainted": false
                    },
                    "deposed": [],
                    "provider": ""
                },
                "aws_volume_attachment.upena_reader_i2_av1": {
                    "type": "aws_volume_attachment",
                    "depends_on": [
                        "aws_ebs_volume.upena_reader_i2_v1",
                        "aws_instance.upena_reader_i2"
                    ],
                    "primary": {
                        "id": "vai-927799312",
                        "attributes": {
                            "device_name": "/dev/sde",
                            "force_detach": "true",
                            "id": "vai-927799312",
                            "instance_id": "i-0d0a590d3df0221c9",
                            "volume_id": "vol-08b105f961c29307a"
                        },
                        "meta": {},
                        "tainted": false
                    },
                    "deposed": [],
                    "provider": ""
                },
                "aws_volume_attachment.upena_reader_i2_av2": {
                    "type": "aws_volume_attachment",
                    "depends_on": [
                        "aws_ebs_volume.upena_reader_i2_v2",
                        "aws_instance.upena_reader_i2"
                    ],
                    "primary": {
                        "id": "vai-4063237405",
                        "attributes": {
                            "device_name": "/dev/sdf",
                            "force_detach": "true",
                            "id": "vai-4063237405",
                            "instance_id": "i-0d0a590d3df0221c9",
                            "volume_id": "vol-01d7da3ca3f5fafa0"
                        },
                        "meta": {},
                        "tainted": false
                    },
                    "deposed": [],
                    "provider": ""
                },
                "aws_volume_attachment.upena_reader_i2_av3": {
                    "type": "aws_volume_attachment",
                    "depends_on": [
                        "aws_ebs_volume.upena_reader_i2_v3",
                        "aws_instance.upena_reader_i2"
                    ],
                    "primary": {
                        "id": "vai-891673473",
                        "attributes": {
                            "device_name": "/dev/sdg",
                            "force_detach": "true",
                            "id": "vai-891673473",
                            "instance_id": "i-0d0a590d3df0221c9",
                            "volume_id": "vol-092674cd1382dc9ef"
                        },
                        "meta": {},
                        "tainted": false
                    },
                    "deposed": [],
                    "provider": ""
                },
                "aws_volume_attachment.upena_reader_i3_av0": {
                    "type": "aws_volume_attachment",
                    "depends_on": [
                        "aws_ebs_volume.upena_reader_i3_v0",
                        "aws_instance.upena_reader_i3"
                    ],
                    "primary": {
                        "id": "vai-3365081906",
                        "attributes": {
                            "device_name": "/dev/sdd",
                            "force_detach": "true",
                            "id": "vai-3365081906",
                            "instance_id": "i-0b01457b65f2e28bb",
                            "volume_id": "vol-0cc9924f0d76405f5"
                        },
                        "meta": {},
                        "tainted": false
                    },
                    "deposed": [],
                    "provider": ""
                },
                "aws_volume_attachment.upena_reader_i3_av1": {
                    "type": "aws_volume_attachment",
                    "depends_on": [
                        "aws_ebs_volume.upena_reader_i3_v1",
                        "aws_instance.upena_reader_i3"
                    ],
                    "primary": {
                        "id": "vai-73525994",
                        "attributes": {
                            "device_name": "/dev/sde",
                            "force_detach": "true",
                            "id": "vai-73525994",
                            "instance_id": "i-0b01457b65f2e28bb",
                            "volume_id": "vol-077d8d3b717722a4e"
                        },
                        "meta": {},
                        "tainted": false
                    },
                    "deposed": [],
                    "provider": ""
                },
                "aws_volume_attachment.upena_reader_i3_av2": {
                    "type": "aws_volume_attachment",
                    "depends_on": [
                        "aws_ebs_volume.upena_reader_i3_v2",
                        "aws_instance.upena_reader_i3"
                    ],
                    "primary": {
                        "id": "vai-3587718199",
                        "attributes": {
                            "device_name": "/dev/sdf",
                            "force_detach": "true",
                            "id": "vai-3587718199",
                            "instance_id": "i-0b01457b65f2e28bb",
                            "volume_id": "vol-069aa3435856af8b1"
                        },
                        "meta": {},
                        "tainted": false
                    },
                    "deposed": [],
                    "provider": ""
                },
                "aws_volume_attachment.upena_reader_i3_av3": {
                    "type": "aws_volume_attachment",
                    "depends_on": [
                        "aws_ebs_volume.upena_reader_i3_v3",
                        "aws_instance.upena_reader_i3"
                    ],
                    "primary": {
                        "id": "vai-3981951658",
                        "attributes": {
                            "device_name": "/dev/sdg",
                            "force_detach": "true",
                            "id": "vai-3981951658",
                            "instance_id": "i-0b01457b65f2e28bb",
                            "volume_id": "vol-0d08efe4291d2278b"
                        },
                        "meta": {},
                        "tainted": false
                    },
                    "deposed": [],
                    "provider": ""
                },
                "aws_volume_attachment.upena_reader_i4_av0": {
                    "type": "aws_volume_attachment",
                    "depends_on": [
                        "aws_ebs_volume.upena_reader_i4_v0",
                        "aws_instance.upena_reader_i4"
                    ],
                    "primary": {
                        "id": "vai-2884671003",
                        "attributes": {
                            "device_name": "/dev/sdd",
                            "force_detach": "true",
                            "id": "vai-2884671003",
                            "instance_id": "i-016a6eebeee4421ac",
                            "volume_id": "vol-0dfcd2cc3eb5f6d5e"
                        },
                        "meta": {},
                        "tainted": false
                    },
                    "deposed": [],
                    "provider": ""
                },
                "aws_volume_attachment.upena_reader_i4_av1": {
                    "type": "aws_volume_attachment",
                    "depends_on": [
                        "aws_ebs_volume.upena_reader_i4_v1",
                        "aws_instance.upena_reader_i4"
                    ],
                    "primary": {
                        "id": "vai-1202578906",
                        "attributes": {
                            "device_name": "/dev/sde",
                            "force_detach": "true",
                            "id": "vai-1202578906",
                            "instance_id": "i-016a6eebeee4421ac",
                            "volume_id": "vol-09ac65e3224faebbd"
                        },
                        "meta": {},
                        "tainted": false
                    },
                    "deposed": [],
                    "provider": ""
                },
                "aws_volume_attachment.upena_reader_i4_av2": {
                    "type": "aws_volume_attachment",
                    "depends_on": [
                        "aws_ebs_volume.upena_reader_i4_v2",
                        "aws_instance.upena_reader_i4"
                    ],
                    "primary": {
                        "id": "vai-269518875",
                        "attributes": {
                            "device_name": "/dev/sdf",
                            "force_detach": "true",
                            "id": "vai-269518875",
                            "instance_id": "i-016a6eebeee4421ac",
                            "volume_id": "vol-043a3b6e5a82126ee"
                        },
                        "meta": {},
                        "tainted": false
                    },
                    "deposed": [],
                    "provider": ""
                },
                "aws_volume_attachment.upena_reader_i4_av3": {
                    "type": "aws_volume_attachment",
                    "depends_on": [
                        "aws_ebs_volume.upena_reader_i4_v3",
                        "aws_instance.upena_reader_i4"
                    ],
                    "primary": {
                        "id": "vai-2636871897",
                        "attributes": {
                            "device_name": "/dev/sdg",
                            "force_detach": "true",
                            "id": "vai-2636871897",
                            "instance_id": "i-016a6eebeee4421ac",
                            "volume_id": "vol-0c6c584a5c4885498"
                        },
                        "meta": {},
                        "tainted": false
                    },
                    "deposed": [],
                    "provider": ""
                },
                "aws_volume_attachment.upena_reader_i5_av0": {
                    "type": "aws_volume_attachment",
                    "depends_on": [
                        "aws_ebs_volume.upena_reader_i5_v0",
                        "aws_instance.upena_reader_i5"
                    ],
                    "primary": {
                        "id": "vai-2079151208",
                        "attributes": {
                            "device_name": "/dev/sdd",
                            "force_detach": "true",
                            "id": "vai-2079151208",
                            "instance_id": "i-0cce3a953b85006af",
                            "volume_id": "vol-0fad8faa91bfd0f23"
                        },
                        "meta": {},
                        "tainted": false
                    },
                    "deposed": [],
                    "provider": ""
                },
                "aws_volume_attachment.upena_reader_i5_av1": {
                    "type": "aws_volume_attachment",
                    "depends_on": [
                        "aws_ebs_volume.upena_reader_i5_v1",
                        "aws_instance.upena_reader_i5"
                    ],
                    "primary": {
                        "id": "vai-1456919697",
                        "attributes": {
                            "device_name": "/dev/sde",
                            "force_detach": "true",
                            "id": "vai-1456919697",
                            "instance_id": "i-0cce3a953b85006af",
                            "volume_id": "vol-0bc364e6e66c11445"
                        },
                        "meta": {},
                        "tainted": false
                    },
                    "deposed": [],
                    "provider": ""
                },
                "aws_volume_attachment.upena_reader_i5_av2": {
                    "type": "aws_volume_attachment",
                    "depends_on": [
                        "aws_ebs_volume.upena_reader_i5_v2",
                        "aws_instance.upena_reader_i5"
                    ],
                    "primary": {
                        "id": "vai-3775296285",
                        "attributes": {
                            "device_name": "/dev/sdf",
                            "force_detach": "true",
                            "id": "vai-3775296285",
                            "instance_id": "i-0cce3a953b85006af",
                            "volume_id": "vol-0b23f9193fc671b2b"
                        },
                        "meta": {},
                        "tainted": false
                    },
                    "deposed": [],
                    "provider": ""
                },
                "aws_volume_attachment.upena_reader_i5_av3": {
                    "type": "aws_volume_attachment",
                    "depends_on": [
                        "aws_ebs_volume.upena_reader_i5_v3",
                        "aws_instance.upena_reader_i5"
                    ],
                    "primary": {
                        "id": "vai-1178154942",
                        "attributes": {
                            "device_name": "/dev/sdg",
                            "force_detach": "true",
                            "id": "vai-1178154942",
                            "instance_id": "i-0cce3a953b85006af",
                            "volume_id": "vol-03363c3c6ed485c17"
                        },
                        "meta": {},
                        "tainted": false
                    },
                    "deposed": [],
                    "provider": ""
                },
                "aws_volume_attachment.upena_reader_i6_av0": {
                    "type": "aws_volume_attachment",
                    "depends_on": [
                        "aws_ebs_volume.upena_reader_i6_v0",
                        "aws_instance.upena_reader_i6"
                    ],
                    "primary": {
                        "id": "vai-3017030316",
                        "attributes": {
                            "device_name": "/dev/sdd",
                            "force_detach": "true",
                            "id": "vai-3017030316",
                            "instance_id": "i-0e8fd5b58d9e88ee3",
                            "volume_id": "vol-0d88cb948fc9122a1"
                        },
                        "meta": {},
                        "tainted": false
                    },
                    "deposed": [],
                    "provider": ""
                },
                "aws_volume_attachment.upena_reader_i6_av1": {
                    "type": "aws_volume_attachment",
                    "depends_on": [
                        "aws_ebs_volume.upena_reader_i6_v1",
                        "aws_instance.upena_reader_i6"
                    ],
                    "primary": {
                        "id": "vai-2411237651",
                        "attributes": {
                            "device_name": "/dev/sde",
                            "force_detach": "true",
                            "id": "vai-2411237651",
                            "instance_id": "i-0e8fd5b58d9e88ee3",
                            "volume_id": "vol-0d60514cbbbe8497b"
                        },
                        "meta": {},
                        "tainted": false
                    },
                    "deposed": [],
                    "provider": ""
                },
                "aws_volume_attachment.upena_reader_i6_av2": {
                    "type": "aws_volume_attachment",
                    "depends_on": [
                        "aws_ebs_volume.upena_reader_i6_v2",
                        "aws_instance.upena_reader_i6"
                    ],
                    "primary": {
                        "id": "vai-248910979",
                        "attributes": {
                            "device_name": "/dev/sdf",
                            "force_detach": "true",
                            "id": "vai-248910979",
                            "instance_id": "i-0e8fd5b58d9e88ee3",
                            "volume_id": "vol-08fcc683151e4fee4"
                        },
                        "meta": {},
                        "tainted": false
                    },
                    "deposed": [],
                    "provider": ""
                },
                "aws_volume_attachment.upena_reader_i6_av3": {
                    "type": "aws_volume_attachment",
                    "depends_on": [
                        "aws_ebs_volume.upena_reader_i6_v3",
                        "aws_instance.upena_reader_i6"
                    ],
                    "primary": {
                        "id": "vai-1019878975",
                        "attributes": {
                            "device_name": "/dev/sdg",
                            "force_detach": "true",
                            "id": "vai-1019878975",
                            "instance_id": "i-0e8fd5b58d9e88ee3",
                            "volume_id": "vol-0e1909e548d2c8640"
                        },
                        "meta": {},
                        "tainted": false
                    },
                    "deposed": [],
                    "provider": ""
                },
                "aws_volume_attachment.upena_reader_i7_av0": {
                    "type": "aws_volume_attachment",
                    "depends_on": [
                        "aws_ebs_volume.upena_reader_i7_v0",
                        "aws_instance.upena_reader_i7"
                    ],
                    "primary": {
                        "id": "vai-1235070732",
                        "attributes": {
                            "device_name": "/dev/sdd",
                            "force_detach": "true",
                            "id": "vai-1235070732",
                            "instance_id": "i-0d211824b300d522f",
                            "volume_id": "vol-07afe4d09cafc6a4c"
                        },
                        "meta": {},
                        "tainted": false
                    },
                    "deposed": [],
                    "provider": ""
                },
                "aws_volume_attachment.upena_reader_i7_av1": {
                    "type": "aws_volume_attachment",
                    "depends_on": [
                        "aws_ebs_volume.upena_reader_i7_v1",
                        "aws_instance.upena_reader_i7"
                    ],
                    "primary": {
                        "id": "vai-3296514194",
                        "attributes": {
                            "device_name": "/dev/sde",
                            "force_detach": "true",
                            "id": "vai-3296514194",
                            "instance_id": "i-0d211824b300d522f",
                            "volume_id": "vol-0b81e34594a4e6c74"
                        },
                        "meta": {},
                        "tainted": false
                    },
                    "deposed": [],
                    "provider": ""
                },
                "aws_volume_attachment.upena_reader_i7_av2": {
                    "type": "aws_volume_attachment",
                    "depends_on": [
                        "aws_ebs_volume.upena_reader_i7_v2",
                        "aws_instance.upena_reader_i7"
                    ],
                    "primary": {
                        "id": "vai-3073533312",
                        "attributes": {
                            "device_name": "/dev/sdf",
                            "force_detach": "true",
                            "id": "vai-3073533312",
                            "instance_id": "i-0d211824b300d522f",
                            "volume_id": "vol-0207c46779e87af91"
                        },
                        "meta": {},
                        "tainted": false
                    },
                    "deposed": [],
                    "provider": ""
                },
                "aws_volume_attachment.upena_reader_i7_av3": {
                    "type": "aws_volume_attachment",
                    "depends_on": [
                        "aws_ebs_volume.upena_reader_i7_v3",
                        "aws_instance.upena_reader_i7"
                    ],
                    "primary": {
                        "id": "vai-3968006740",
                        "attributes": {
                            "device_name": "/dev/sdg",
                            "force_detach": "true",
                            "id": "vai-3968006740",
                            "instance_id": "i-0d211824b300d522f",
                            "volume_id": "vol-00132734d8ef6e75f"
                        },
                        "meta": {},
                        "tainted": false
                    },
                    "deposed": [],
                    "provider": ""
                },
                "aws_volume_attachment.upena_reader_i8_av0": {
                    "type": "aws_volume_attachment",
                    "depends_on": [
                        "aws_ebs_volume.upena_reader_i8_v0",
                        "aws_instance.upena_reader_i8"
                    ],
                    "primary": {
                        "id": "vai-1620874241",
                        "attributes": {
                            "device_name": "/dev/sdd",
                            "force_detach": "true",
                            "id": "vai-1620874241",
                            "instance_id": "i-0030fb7120071f9d7",
                            "volume_id": "vol-027374c268a991a1f"
                        },
                        "meta": {},
                        "tainted": false
                    },
                    "deposed": [],
                    "provider": ""
                },
                "aws_volume_attachment.upena_reader_i8_av1": {
                    "type": "aws_volume_attachment",
                    "depends_on": [
                        "aws_ebs_volume.upena_reader_i8_v1",
                        "aws_instance.upena_reader_i8"
                    ],
                    "primary": {
                        "id": "vai-1776947585",
                        "attributes": {
                            "device_name": "/dev/sde",
                            "force_detach": "true",
                            "id": "vai-1776947585",
                            "instance_id": "i-0030fb7120071f9d7",
                            "volume_id": "vol-0f355a56d1ad02ce4"
                        },
                        "meta": {},
                        "tainted": false
                    },
                    "deposed": [],
                    "provider": ""
                },
                "aws_volume_attachment.upena_reader_i8_av2": {
                    "type": "aws_volume_attachment",
                    "depends_on": [
                        "aws_ebs_volume.upena_reader_i8_v2",
                        "aws_instance.upena_reader_i8"
                    ],
                    "primary": {
                        "id": "vai-1048554829",
                        "attributes": {
                            "device_name": "/dev/sdf",
                            "force_detach": "true",
                            "id": "vai-1048554829",
                            "instance_id": "i-0030fb7120071f9d7",
                            "volume_id": "vol-0734de46793497615"
                        },
                        "meta": {},
                        "tainted": false
                    },
                    "deposed": [],
                    "provider": ""
                },
                "aws_volume_attachment.upena_reader_i8_av3": {
                    "type": "aws_volume_attachment",
                    "depends_on": [
                        "aws_ebs_volume.upena_reader_i8_v3",
                        "aws_instance.upena_reader_i8"
                    ],
                    "primary": {
                        "id": "vai-3932785334",
                        "attributes": {
                            "device_name": "/dev/sdg",
                            "force_detach": "true",
                            "id": "vai-3932785334",
                            "instance_id": "i-0030fb7120071f9d7",
                            "volume_id": "vol-05966deb112ff8b2b"
                        },
                        "meta": {},
                        "tainted": false
                    },
                    "deposed": [],
                    "provider": ""
                },
                "aws_volume_attachment.upena_reader_i9_av0": {
                    "type": "aws_volume_attachment",
                    "depends_on": [
                        "aws_ebs_volume.upena_reader_i9_v0",
                        "aws_instance.upena_reader_i9"
                    ],
                    "primary": {
                        "id": "vai-1786409338",
                        "attributes": {
                            "device_name": "/dev/sdd",
                            "force_detach": "true",
                            "id": "vai-1786409338",
                            "instance_id": "i-04afa591e47a67d3a",
                            "volume_id": "vol-0f3eaef83922a1f44"
                        },
                        "meta": {},
                        "tainted": false
                    },
                    "deposed": [],
                    "provider": ""
                },
                "aws_volume_attachment.upena_reader_i9_av1": {
                    "type": "aws_volume_attachment",
                    "depends_on": [
                        "aws_ebs_volume.upena_reader_i9_v1",
                        "aws_instance.upena_reader_i9"
                    ],
                    "primary": {
                        "id": "vai-778942387",
                        "attributes": {
                            "device_name": "/dev/sde",
                            "force_detach": "true",
                            "id": "vai-778942387",
                            "instance_id": "i-04afa591e47a67d3a",
                            "volume_id": "vol-09bfd0f6fd4b88786"
                        },
                        "meta": {},
                        "tainted": false
                    },
                    "deposed": [],
                    "provider": ""
                },
                "aws_volume_attachment.upena_reader_i9_av2": {
                    "type": "aws_volume_attachment",
                    "depends_on": [
                        "aws_ebs_volume.upena_reader_i9_v2",
                        "aws_instance.upena_reader_i9"
                    ],
                    "primary": {
                        "id": "vai-1453058472",
                        "attributes": {
                            "device_name": "/dev/sdf",
                            "force_detach": "true",
                            "id": "vai-1453058472",
                            "instance_id": "i-04afa591e47a67d3a",
                            "volume_id": "vol-0465eb8230cd42fc2"
                        },
                        "meta": {},
                        "tainted": false
                    },
                    "deposed": [],
                    "provider": ""
                },
                "aws_volume_attachment.upena_reader_i9_av3": {
                    "type": "aws_volume_attachment",
                    "depends_on": [
                        "aws_ebs_volume.upena_reader_i9_v3",
                        "aws_instance.upena_reader_i9"
                    ],
                    "primary": {
                        "id": "vai-1967530722",
                        "attributes": {
                            "device_name": "/dev/sdg",
                            "force_detach": "true",
                            "id": "vai-1967530722",
                            "instance_id": "i-04afa591e47a67d3a",
                            "volume_id": "vol-0bf539cd222eb736b"
                        },
                        "meta": {},
                        "tainted": false
                    },
                    "deposed": [],
                    "provider": ""
                }
            },
            "depends_on": []
        }
    ]
}
