{
    "version": 3,
    "terraform_version": "0.9.2",
    "serial": 10,
    "lineage": "7227cdc6-2438-404b-a348-373a71f3c355",
    "modules": [
        {
            "path": [
                "root"
            ],
            "outputs": {},
            "resources": {
                "aws_eip.natgw.0": {
                    "type": "aws_eip",
                    "depends_on": [],
                    "primary": {
                        "id": "eipalloc-dd5d2fb9",
                        "attributes": {
                            "association_id": "eipassoc-03bfa265",
                            "domain": "vpc",
                            "id": "eipalloc-dd5d2fb9",
                            "instance": "",
                            "network_interface": "eni-7cc29631",
                            "private_ip": "10.126.155.28",
                            "public_ip": "52.39.203.123",
                            "vpc": "true"
                        },
                        "meta": {},
                        "tainted": false
                    },
                    "deposed": [],
                    "provider": ""
                },
                "aws_eip.natgw.1": {
                    "type": "aws_eip",
                    "depends_on": [],
                    "primary": {
                        "id": "eipalloc-5df26a67",
                        "attributes": {
                            "association_id": "",
                            "domain": "vpc",
                            "id": "eipalloc-5df26a67",
                            "instance": "",
                            "network_interface": "",
                            "private_ip": "",
                            "public_ip": "52.42.117.148",
                            "vpc": "true"
                        },
                        "meta": {},
                        "tainted": false
                    },
                    "deposed": [],
                    "provider": ""
                },
                "aws_eip.natgw.2": {
                    "type": "aws_eip",
                    "depends_on": [],
                    "primary": {
                        "id": "eipalloc-1ef06824",
                        "attributes": {
                            "association_id": "",
                            "domain": "vpc",
                            "id": "eipalloc-1ef06824",
                            "instance": "",
                            "network_interface": "",
                            "private_ip": "",
                            "public_ip": "34.209.230.232",
                            "vpc": "true"
                        },
                        "meta": {},
                        "tainted": false
                    },
                    "deposed": [],
                    "provider": ""
                },
                "aws_internet_gateway.igw": {
                    "type": "aws_internet_gateway",
                    "depends_on": [
                        "aws_vpc.main"
                    ],
                    "primary": {
                        "id": "igw-c8d7dead",
                        "attributes": {
                            "id": "igw-c8d7dead",
                            "tags.%": "5",
                            "tags.Name": "release-igw",
                            "tags.account_name": "jive-ps-pipeline",
                            "tags.pipeline_phase": "release",
                            "tags.region": "us-west-2",
                            "tags.sla": "non-prod",
                            "vpc_id": "vpc-19378c7d"
                        },
                        "meta": {},
                        "tainted": false
                    },
                    "deposed": [],
                    "provider": ""
                },
                "aws_nat_gateway.natgw.0": {
                    "type": "aws_nat_gateway",
                    "depends_on": [
                        "aws_eip.natgw.*",
                        "aws_internet_gateway.igw",
                        "aws_subnet.public.*"
                    ],
                    "primary": {
                        "id": "nat-0e87f4b47327e3805",
                        "attributes": {
                            "allocation_id": "eipalloc-dd5d2fb9",
                            "id": "nat-0e87f4b47327e3805",
                            "network_interface_id": "eni-2d596817",
                            "private_ip": "10.126.155.5",
                            "public_ip": "52.39.203.123",
                            "subnet_id": "subnet-6f25fc19"
                        },
                        "meta": {},
                        "tainted": false
                    },
                    "deposed": [],
                    "provider": ""
                },
                "aws_nat_gateway.natgw.1": {
                    "type": "aws_nat_gateway",
                    "depends_on": [
                        "aws_eip.natgw.*",
                        "aws_internet_gateway.igw",
                        "aws_subnet.public.*"
                    ],
                    "primary": {
                        "id": "nat-07434b2551bbd0f9f",
                        "attributes": {
                            "allocation_id": "eipalloc-5df26a67",
                            "id": "nat-07434b2551bbd0f9f",
                            "network_interface_id": "eni-925f4eba",
                            "private_ip": "10.126.155.36",
                            "public_ip": "52.42.117.148",
                            "subnet_id": "subnet-c3c741a7"
                        },
                        "meta": {},
                        "tainted": false
                    },
                    "deposed": [],
                    "provider": ""
                },
                "aws_nat_gateway.natgw.2": {
                    "type": "aws_nat_gateway",
                    "depends_on": [
                        "aws_eip.natgw.*",
                        "aws_internet_gateway.igw",
                        "aws_subnet.public.*"
                    ],
                    "primary": {
                        "id": "nat-099618a5bfb1fff1c",
                        "attributes": {
                            "allocation_id": "eipalloc-1ef06824",
                            "id": "nat-099618a5bfb1fff1c",
                            "network_interface_id": "eni-cc7531c0",
                            "private_ip": "10.126.155.76",
                            "public_ip": "34.209.230.232",
                            "subnet_id": "subnet-f8be50a0"
                        },
                        "meta": {},
                        "tainted": false
                    },
                    "deposed": [],
                    "provider": ""
                },
                "aws_route.bastion_natdc.0": {
                    "type": "aws_route",
                    "depends_on": [
                        "aws_route_table.natdc.*",
                        "aws_vpc_peering_connection.infra"
                    ],
                    "primary": {
                        "id": "r-rtb-f398f4973453090714",
                        "attributes": {
                            "destination_cidr_block": "10.127.57.7/32",
                            "destination_prefix_list_id": "",
                            "egress_only_gateway_id": "",
                            "gateway_id": "",
                            "id": "r-rtb-f398f4973453090714",
                            "instance_id": "",
                            "instance_owner_id": "",
                            "nat_gateway_id": "",
                            "network_interface_id": "",
                            "origin": "CreateRoute",
                            "route_table_id": "rtb-f398f497",
                            "state": "active",
                            "vpc_peering_connection_id": "pcx-3fd76356"
                        },
                        "meta": {},
                        "tainted": false
                    },
                    "deposed": [],
                    "provider": ""
                },
                "aws_route.bastion_natdc.1": {
                    "type": "aws_route",
                    "depends_on": [
                        "aws_route_table.natdc.*",
                        "aws_vpc_peering_connection.infra"
                    ],
                    "primary": {
                        "id": "r-rtb-1428f7723453090714",
                        "attributes": {
                            "destination_cidr_block": "10.127.57.7/32",
                            "destination_prefix_list_id": "",
                            "egress_only_gateway_id": "",
                            "gateway_id": "",
                            "id": "r-rtb-1428f7723453090714",
                            "instance_id": "",
                            "instance_owner_id": "",
                            "nat_gateway_id": "",
                            "network_interface_id": "",
                            "origin": "CreateRoute",
                            "route_table_id": "rtb-1428f772",
                            "state": "active",
                            "vpc_peering_connection_id": "pcx-3fd76356"
                        },
                        "meta": {},
                        "tainted": false
                    },
                    "deposed": [],
                    "provider": ""
                },
                "aws_route.bastion_natdc.2": {
                    "type": "aws_route",
                    "depends_on": [
                        "aws_route_table.natdc.*",
                        "aws_vpc_peering_connection.infra"
                    ],
                    "primary": {
                        "id": "r-rtb-152bf4733453090714",
                        "attributes": {
                            "destination_cidr_block": "10.127.57.7/32",
                            "destination_prefix_list_id": "",
                            "egress_only_gateway_id": "",
                            "gateway_id": "",
                            "id": "r-rtb-152bf4733453090714",
                            "instance_id": "",
                            "instance_owner_id": "",
                            "nat_gateway_id": "",
                            "network_interface_id": "",
                            "origin": "CreateRoute",
                            "route_table_id": "rtb-152bf473",
                            "state": "active",
                            "vpc_peering_connection_id": "pcx-3fd76356"
                        },
                        "meta": {},
                        "tainted": false
                    },
                    "deposed": [],
                    "provider": ""
                },
                "aws_route.bastion_private": {
                    "type": "aws_route",
                    "depends_on": [
                        "aws_route_table.private",
                        "aws_vpc_peering_connection.infra"
                    ],
                    "primary": {
                        "id": "r-rtb-4e98f42a3453090714",
                        "attributes": {
                            "destination_cidr_block": "10.127.57.7/32",
                            "destination_prefix_list_id": "",
                            "egress_only_gateway_id": "",
                            "gateway_id": "",
                            "id": "r-rtb-4e98f42a3453090714",
                            "instance_id": "",
                            "instance_owner_id": "",
                            "nat_gateway_id": "",
                            "network_interface_id": "",
                            "origin": "CreateRoute",
                            "route_table_id": "rtb-4e98f42a",
                            "state": "active",
                            "vpc_peering_connection_id": "pcx-3fd76356"
                        },
                        "meta": {},
                        "tainted": false
                    },
                    "deposed": [],
                    "provider": ""
                },
                "aws_route.bastion_public": {
                    "type": "aws_route",
                    "depends_on": [
                        "aws_route_table.public",
                        "aws_vpc_peering_connection.infra"
                    ],
                    "primary": {
                        "id": "r-rtb-4c98f4283453090714",
                        "attributes": {
                            "destination_cidr_block": "10.127.57.7/32",
                            "destination_prefix_list_id": "",
                            "egress_only_gateway_id": "",
                            "gateway_id": "",
                            "id": "r-rtb-4c98f4283453090714",
                            "instance_id": "",
                            "instance_owner_id": "",
                            "nat_gateway_id": "",
                            "network_interface_id": "",
                            "origin": "CreateRoute",
                            "route_table_id": "rtb-4c98f428",
                            "state": "active",
                            "vpc_peering_connection_id": "pcx-3fd76356"
                        },
                        "meta": {},
                        "tainted": false
                    },
                    "deposed": [],
                    "provider": ""
                },
                "aws_route.infra_natdc.0": {
                    "type": "aws_route",
                    "depends_on": [
                        "aws_vpc_peering_connection.infra"
                    ],
                    "primary": {
                        "id": "r-rtb-c1b8d5a54067904399",
                        "attributes": {
                            "destination_cidr_block": "10.126.152.0/22",
                            "destination_prefix_list_id": "",
                            "egress_only_gateway_id": "",
                            "gateway_id": "",
                            "id": "r-rtb-c1b8d5a54067904399",
                            "instance_id": "",
                            "instance_owner_id": "",
                            "nat_gateway_id": "",
                            "network_interface_id": "",
                            "origin": "CreateRoute",
                            "route_table_id": "rtb-c1b8d5a5",
                            "state": "active",
                            "vpc_peering_connection_id": "pcx-3fd76356"
                        },
                        "meta": {},
                        "tainted": false
                    },
                    "deposed": [],
                    "provider": ""
                },
                "aws_route.infra_natdc.1": {
                    "type": "aws_route",
                    "depends_on": [
                        "aws_vpc_peering_connection.infra"
                    ],
                    "primary": {
                        "id": "r-rtb-7030ef164067904399",
                        "attributes": {
                            "destination_cidr_block": "10.126.152.0/22",
                            "destination_prefix_list_id": "",
                            "egress_only_gateway_id": "",
                            "gateway_id": "",
                            "id": "r-rtb-7030ef164067904399",
                            "instance_id": "",
                            "instance_owner_id": "",
                            "nat_gateway_id": "",
                            "network_interface_id": "",
                            "origin": "CreateRoute",
                            "route_table_id": "rtb-7030ef16",
                            "state": "active",
                            "vpc_peering_connection_id": "pcx-3fd76356"
                        },
                        "meta": {},
                        "tainted": false
                    },
                    "deposed": [],
                    "provider": ""
                },
                "aws_route.infra_natdc.2": {
                    "type": "aws_route",
                    "depends_on": [
                        "aws_vpc_peering_connection.infra"
                    ],
                    "primary": {
                        "id": "r-rtb-7130ef174067904399",
                        "attributes": {
                            "destination_cidr_block": "10.126.152.0/22",
                            "destination_prefix_list_id": "",
                            "egress_only_gateway_id": "",
                            "gateway_id": "",
                            "id": "r-rtb-7130ef174067904399",
                            "instance_id": "",
                            "instance_owner_id": "",
                            "nat_gateway_id": "",
                            "network_interface_id": "",
                            "origin": "CreateRoute",
                            "route_table_id": "rtb-7130ef17",
                            "state": "active",
                            "vpc_peering_connection_id": "pcx-3fd76356"
                        },
                        "meta": {},
                        "tainted": false
                    },
                    "deposed": [],
                    "provider": ""
                },
                "aws_route.infra_private": {
                    "type": "aws_route",
                    "depends_on": [
                        "aws_vpc_peering_connection.infra"
                    ],
                    "primary": {
                        "id": "r-rtb-aeb9d4ca4067904399",
                        "attributes": {
                            "destination_cidr_block": "10.126.152.0/22",
                            "destination_prefix_list_id": "",
                            "egress_only_gateway_id": "",
                            "gateway_id": "",
                            "id": "r-rtb-aeb9d4ca4067904399",
                            "instance_id": "",
                            "instance_owner_id": "",
                            "nat_gateway_id": "",
                            "network_interface_id": "",
                            "origin": "CreateRoute",
                            "route_table_id": "rtb-aeb9d4ca",
                            "state": "active",
                            "vpc_peering_connection_id": "pcx-3fd76356"
                        },
                        "meta": {},
                        "tainted": false
                    },
                    "deposed": [],
                    "provider": ""
                },
                "aws_route.infra_public": {
                    "type": "aws_route",
                    "depends_on": [
                        "aws_vpc_peering_connection.infra"
                    ],
                    "primary": {
                        "id": "r-rtb-abb9d4cf4067904399",
                        "attributes": {
                            "destination_cidr_block": "10.126.152.0/22",
                            "destination_prefix_list_id": "",
                            "egress_only_gateway_id": "",
                            "gateway_id": "",
                            "id": "r-rtb-abb9d4cf4067904399",
                            "instance_id": "",
                            "instance_owner_id": "",
                            "nat_gateway_id": "",
                            "network_interface_id": "",
                            "origin": "CreateRoute",
                            "route_table_id": "rtb-abb9d4cf",
                            "state": "active",
                            "vpc_peering_connection_id": "pcx-3fd76356"
                        },
                        "meta": {},
                        "tainted": false
                    },
                    "deposed": [],
                    "provider": ""
                },
                "aws_route53_zone_association.route53": {
                    "type": "aws_route53_zone_association",
                    "depends_on": [
                        "aws_vpc.main"
                    ],
                    "primary": {
                        "id": "Z1ECOPBZVMCE0L:vpc-19378c7d",
                        "attributes": {
                            "id": "Z1ECOPBZVMCE0L:vpc-19378c7d",
                            "vpc_id": "vpc-19378c7d",
                            "vpc_region": "us-west-2",
                            "zone_id": "Z1ECOPBZVMCE0L"
                        },
                        "meta": {},
                        "tainted": false
                    },
                    "deposed": [],
                    "provider": ""
                },
                "aws_route_table.natdc.0": {
                    "type": "aws_route_table",
                    "depends_on": [
                        "aws_nat_gateway.natgw",
                        "aws_vpc.main",
                        "aws_vpn_gateway.vgw"
                    ],
                    "primary": {
                        "id": "rtb-f398f497",
                        "attributes": {
                            "id": "rtb-f398f497",
                            "propagating_vgws.#": "1",
                            "propagating_vgws.76432754": "vgw-3cd70e22",
                            "route.#": "2",
                            "route.2105698953.cidr_block": "10.127.57.7/32",
                            "route.2105698953.egress_only_gateway_id": "",
                            "route.2105698953.gateway_id": "",
                            "route.2105698953.instance_id": "",
                            "route.2105698953.ipv6_cidr_block": "",
                            "route.2105698953.nat_gateway_id": "",
                            "route.2105698953.network_interface_id": "",
                            "route.2105698953.vpc_peering_connection_id": "pcx-3fd76356",
                            "route.3507996304.cidr_block": "0.0.0.0/0",
                            "route.3507996304.egress_only_gateway_id": "",
                            "route.3507996304.gateway_id": "",
                            "route.3507996304.instance_id": "",
                            "route.3507996304.ipv6_cidr_block": "",
                            "route.3507996304.nat_gateway_id": "nat-006613e71c645e4e0",
                            "route.3507996304.network_interface_id": "",
                            "route.3507996304.vpc_peering_connection_id": "",
                            "tags.%": "5",
                            "tags.Name": "release-natdc-routetable",
                            "tags.account_name": "jive-ps-pipeline",
                            "tags.pipeline_phase": "release",
                            "tags.region": "us-west-2",
                            "tags.sla": "non-prod",
                            "vpc_id": "vpc-19378c7d"
                        },
                        "meta": {},
                        "tainted": false
                    },
                    "deposed": [],
                    "provider": ""
                },
                "aws_route_table.natdc.1": {
                    "type": "aws_route_table",
                    "depends_on": [
                        "aws_nat_gateway.natgw.*",
                        "aws_vpc.main",
                        "aws_vpn_gateway.vgw"
                    ],
                    "primary": {
                        "id": "rtb-1428f772",
                        "attributes": {
                            "id": "rtb-1428f772",
                            "propagating_vgws.#": "1",
                            "propagating_vgws.76432754": "vgw-3cd70e22",
                            "route.#": "1",
                            "route.758338394.cidr_block": "0.0.0.0/0",
                            "route.758338394.egress_only_gateway_id": "",
                            "route.758338394.gateway_id": "",
                            "route.758338394.instance_id": "",
                            "route.758338394.ipv6_cidr_block": "",
                            "route.758338394.nat_gateway_id": "nat-07434b2551bbd0f9f",
                            "route.758338394.network_interface_id": "",
                            "route.758338394.vpc_peering_connection_id": "",
                            "tags.%": "5",
                            "tags.Name": "release-natdc-routetable",
                            "tags.account_name": "jive-ps-pipeline",
                            "tags.pipeline_phase": "release",
                            "tags.region": "us-west-2",
                            "tags.sla": "non-prod",
                            "vpc_id": "vpc-19378c7d"
                        },
                        "meta": {},
                        "tainted": false
                    },
                    "deposed": [],
                    "provider": ""
                },
                "aws_route_table.natdc.2": {
                    "type": "aws_route_table",
                    "depends_on": [
                        "aws_nat_gateway.natgw.*",
                        "aws_vpc.main",
                        "aws_vpn_gateway.vgw"
                    ],
                    "primary": {
                        "id": "rtb-152bf473",
                        "attributes": {
                            "id": "rtb-152bf473",
                            "propagating_vgws.#": "1",
                            "propagating_vgws.76432754": "vgw-3cd70e22",
                            "route.#": "1",
                            "route.567913035.cidr_block": "0.0.0.0/0",
                            "route.567913035.egress_only_gateway_id": "",
                            "route.567913035.gateway_id": "",
                            "route.567913035.instance_id": "",
                            "route.567913035.ipv6_cidr_block": "",
                            "route.567913035.nat_gateway_id": "nat-099618a5bfb1fff1c",
                            "route.567913035.network_interface_id": "",
                            "route.567913035.vpc_peering_connection_id": "",
                            "tags.%": "5",
                            "tags.Name": "release-natdc-routetable",
                            "tags.account_name": "jive-ps-pipeline",
                            "tags.pipeline_phase": "release",
                            "tags.region": "us-west-2",
                            "tags.sla": "non-prod",
                            "vpc_id": "vpc-19378c7d"
                        },
                        "meta": {},
                        "tainted": false
                    },
                    "deposed": [],
                    "provider": ""
                },
                "aws_route_table.private": {
                    "type": "aws_route_table",
                    "depends_on": [
                        "aws_vpc.main"
                    ],
                    "primary": {
                        "id": "rtb-4e98f42a",
                        "attributes": {
                            "id": "rtb-4e98f42a",
                            "propagating_vgws.#": "0",
                            "route.#": "1",
                            "route.2105698953.cidr_block": "10.127.57.7/32",
                            "route.2105698953.egress_only_gateway_id": "",
                            "route.2105698953.gateway_id": "",
                            "route.2105698953.instance_id": "",
                            "route.2105698953.ipv6_cidr_block": "",
                            "route.2105698953.nat_gateway_id": "",
                            "route.2105698953.network_interface_id": "",
                            "route.2105698953.vpc_peering_connection_id": "pcx-3fd76356",
                            "tags.%": "5",
                            "tags.Name": "release-private-routetable",
                            "tags.account_name": "jive-ps-pipeline",
                            "tags.pipeline_phase": "release",
                            "tags.region": "us-west-2",
                            "tags.sla": "non-prod",
                            "vpc_id": "vpc-19378c7d"
                        },
                        "meta": {},
                        "tainted": false
                    },
                    "deposed": [],
                    "provider": ""
                },
                "aws_route_table.public": {
                    "type": "aws_route_table",
                    "depends_on": [
                        "aws_internet_gateway.igw",
                        "aws_vpc.main"
                    ],
                    "primary": {
                        "id": "rtb-4c98f428",
                        "attributes": {
                            "id": "rtb-4c98f428",
                            "propagating_vgws.#": "0",
                            "route.#": "2",
                            "route.2105698953.cidr_block": "10.127.57.7/32",
                            "route.2105698953.egress_only_gateway_id": "",
                            "route.2105698953.gateway_id": "",
                            "route.2105698953.instance_id": "",
                            "route.2105698953.ipv6_cidr_block": "",
                            "route.2105698953.nat_gateway_id": "",
                            "route.2105698953.network_interface_id": "",
                            "route.2105698953.vpc_peering_connection_id": "pcx-3fd76356",
                            "route.2962362784.cidr_block": "0.0.0.0/0",
                            "route.2962362784.egress_only_gateway_id": "",
                            "route.2962362784.gateway_id": "igw-c8d7dead",
                            "route.2962362784.instance_id": "",
                            "route.2962362784.ipv6_cidr_block": "",
                            "route.2962362784.nat_gateway_id": "",
                            "route.2962362784.network_interface_id": "",
                            "route.2962362784.vpc_peering_connection_id": "",
                            "tags.%": "6",
                            "tags.KubernetesCluster": "us-west-2_jive-ps-pipeline",
                            "tags.Name": "release-public-routetable",
                            "tags.account_name": "jive-ps-pipeline",
                            "tags.pipeline_phase": "release",
                            "tags.region": "us-west-2",
                            "tags.sla": "non-prod",
                            "vpc_id": "vpc-19378c7d"
                        },
                        "meta": {},
                        "tainted": false
                    },
                    "deposed": [],
                    "provider": ""
                },
                "aws_route_table_association.natdc.0": {
                    "type": "aws_route_table_association",
                    "depends_on": [
                        "aws_route_table.natdc.*",
                        "aws_subnet.natdc.*"
                    ],
                    "primary": {
                        "id": "rtbassoc-23203e47",
                        "attributes": {
                            "id": "rtbassoc-23203e47",
                            "route_table_id": "rtb-f398f497",
                            "subnet_id": "subnet-c2c741a6"
                        },
                        "meta": {},
                        "tainted": false
                    },
                    "deposed": [],
                    "provider": ""
                },
                "aws_route_table_association.natdc.1": {
                    "type": "aws_route_table_association",
                    "depends_on": [
                        "aws_route_table.natdc.*",
                        "aws_subnet.natdc.*"
                    ],
                    "primary": {
                        "id": "rtbassoc-3479b24d",
                        "attributes": {
                            "id": "rtbassoc-3479b24d",
                            "route_table_id": "rtb-1428f772",
                            "subnet_id": "subnet-f9be50a1"
                        },
                        "meta": {},
                        "tainted": false
                    },
                    "deposed": [],
                    "provider": ""
                },
                "aws_route_table_association.natdc.2": {
                    "type": "aws_route_table_association",
                    "depends_on": [
                        "aws_route_table.natdc.*",
                        "aws_subnet.natdc.*"
                    ],
                    "primary": {
                        "id": "rtbassoc-1778b36e",
                        "attributes": {
                            "id": "rtbassoc-1778b36e",
                            "route_table_id": "rtb-152bf473",
                            "subnet_id": "subnet-6125fc17"
                        },
                        "meta": {},
                        "tainted": false
                    },
                    "deposed": [],
                    "provider": ""
                },
                "aws_route_table_association.private.0": {
                    "type": "aws_route_table_association",
                    "depends_on": [
                        "aws_route_table.private",
                        "aws_subnet.private"
                    ],
                    "primary": {
                        "id": "rtbassoc-df233dbb",
                        "attributes": {
                            "id": "rtbassoc-df233dbb",
                            "route_table_id": "rtb-4e98f42a",
                            "subnet_id": "subnet-6e25fc18"
                        },
                        "meta": {},
                        "tainted": false
                    },
                    "deposed": [],
                    "provider": ""
                },
                "aws_route_table_association.private.1": {
                    "type": "aws_route_table_association",
                    "depends_on": [
                        "aws_route_table.private",
                        "aws_subnet.private"
                    ],
                    "primary": {
                        "id": "rtbassoc-d8233dbc",
                        "attributes": {
                            "id": "rtbassoc-d8233dbc",
                            "route_table_id": "rtb-4e98f42a",
                            "subnet_id": "subnet-ccc741a8"
                        },
                        "meta": {},
                        "tainted": false
                    },
                    "deposed": [],
                    "provider": ""
                },
                "aws_route_table_association.private.2": {
                    "type": "aws_route_table_association",
                    "depends_on": [
                        "aws_route_table.private",
                        "aws_subnet.private"
                    ],
                    "primary": {
                        "id": "rtbassoc-de233dba",
                        "attributes": {
                            "id": "rtbassoc-de233dba",
                            "route_table_id": "rtb-4e98f42a",
                            "subnet_id": "subnet-c7be509f"
                        },
                        "meta": {},
                        "tainted": false
                    },
                    "deposed": [],
                    "provider": ""
                },
                "aws_route_table_association.public.0": {
                    "type": "aws_route_table_association",
                    "depends_on": [
                        "aws_route_table.public",
                        "aws_subnet.public"
                    ],
                    "primary": {
                        "id": "rtbassoc-d3233db7",
                        "attributes": {
                            "id": "rtbassoc-d3233db7",
                            "route_table_id": "rtb-4c98f428",
                            "subnet_id": "subnet-6f25fc19"
                        },
                        "meta": {},
                        "tainted": false
                    },
                    "deposed": [],
                    "provider": ""
                },
                "aws_route_table_association.public.1": {
                    "type": "aws_route_table_association",
                    "depends_on": [
                        "aws_route_table.public",
                        "aws_subnet.public"
                    ],
                    "primary": {
                        "id": "rtbassoc-dc233db8",
                        "attributes": {
                            "id": "rtbassoc-dc233db8",
                            "route_table_id": "rtb-4c98f428",
                            "subnet_id": "subnet-c3c741a7"
                        },
                        "meta": {},
                        "tainted": false
                    },
                    "deposed": [],
                    "provider": ""
                },
                "aws_route_table_association.public.2": {
                    "type": "aws_route_table_association",
                    "depends_on": [
                        "aws_route_table.public",
                        "aws_subnet.public"
                    ],
                    "primary": {
                        "id": "rtbassoc-d2233db6",
                        "attributes": {
                            "id": "rtbassoc-d2233db6",
                            "route_table_id": "rtb-4c98f428",
                            "subnet_id": "subnet-f8be50a0"
                        },
                        "meta": {},
                        "tainted": false
                    },
                    "deposed": [],
                    "provider": ""
                },
                "aws_security_group.admin_instance": {
                    "type": "aws_security_group",
                    "depends_on": [
                        "aws_vpc.main"
                    ],
                    "primary": {
                        "id": "sg-5e22c838",
                        "attributes": {
                            "description": "Admin instances for the VPC",
                            "egress.#": "0",
                            "id": "sg-5e22c838",
                            "ingress.#": "0",
                            "name": "release-admin-instance",
                            "owner_id": "044571148504",
                            "tags.%": "5",
                            "tags.Name": "release-admin-instance",
                            "tags.account_name": "jive-ps-pipeline",
                            "tags.pipeline_phase": "release",
                            "tags.region": "us-west-2",
                            "tags.sla": "non-prod",
                            "vpc_id": "vpc-19378c7d"
                        },
                        "meta": {},
                        "tainted": false
                    },
                    "deposed": [],
                    "provider": ""
                },
                "aws_security_group.env_instance": {
                    "type": "aws_security_group",
                    "depends_on": [
                        "aws_security_group.admin_instance",
                        "aws_vpc.main"
                    ],
                    "primary": {
                        "id": "sg-5a22c83c",
                        "attributes": {
                            "description": "All instances within the evironment",
                            "egress.#": "1",
                            "egress.482069346.cidr_blocks.#": "1",
                            "egress.482069346.cidr_blocks.0": "0.0.0.0/0",
                            "egress.482069346.from_port": "0",
                            "egress.482069346.ipv6_cidr_blocks.#": "0",
                            "egress.482069346.prefix_list_ids.#": "0",
                            "egress.482069346.protocol": "-1",
                            "egress.482069346.security_groups.#": "0",
                            "egress.482069346.self": "false",
                            "egress.482069346.to_port": "0",
                            "id": "sg-5a22c83c",
                            "ingress.#": "4",
                            "ingress.179083333.cidr_blocks.#": "1",
                            "ingress.179083333.cidr_blocks.0": "10.0.0.0/8",
                            "ingress.179083333.from_port": "22",
                            "ingress.179083333.ipv6_cidr_blocks.#": "0",
                            "ingress.179083333.protocol": "tcp",
                            "ingress.179083333.security_groups.#": "0",
                            "ingress.179083333.self": "false",
                            "ingress.179083333.to_port": "22",
                            "ingress.2751294273.cidr_blocks.#": "0",
                            "ingress.2751294273.from_port": "22",
                            "ingress.2751294273.ipv6_cidr_blocks.#": "0",
                            "ingress.2751294273.protocol": "tcp",
                            "ingress.2751294273.security_groups.#": "1",
                            "ingress.2751294273.security_groups.363904403": "sg-5e22c838",
                            "ingress.2751294273.self": "false",
                            "ingress.2751294273.to_port": "22",
                            "ingress.3280021429.cidr_blocks.#": "1",
                            "ingress.3280021429.cidr_blocks.0": "10.0.0.0/8",
                            "ingress.3280021429.from_port": "8",
                            "ingress.3280021429.ipv6_cidr_blocks.#": "0",
                            "ingress.3280021429.protocol": "icmp",
                            "ingress.3280021429.security_groups.#": "0",
                            "ingress.3280021429.self": "false",
                            "ingress.3280021429.to_port": "0",
                            "ingress.512341218.cidr_blocks.#": "0",
                            "ingress.512341218.from_port": "8",
                            "ingress.512341218.ipv6_cidr_blocks.#": "0",
                            "ingress.512341218.protocol": "icmp",
                            "ingress.512341218.security_groups.#": "1",
                            "ingress.512341218.security_groups.363904403": "sg-5e22c838",
                            "ingress.512341218.self": "false",
                            "ingress.512341218.to_port": "0",
                            "name": "release-instance",
                            "owner_id": "044571148504",
                            "tags.%": "5",
                            "tags.Name": "release-instance",
                            "tags.account_name": "jive-ps-pipeline",
                            "tags.pipeline_phase": "release",
                            "tags.region": "us-west-2",
                            "tags.sla": "non-prod",
                            "vpc_id": "vpc-19378c7d"
                        },
                        "meta": {},
                        "tainted": false
                    },
                    "deposed": [],
                    "provider": ""
                },
                "aws_security_group.natgw_instance": {
                    "type": "aws_security_group",
                    "depends_on": [
                        "aws_security_group.env_instance",
                        "aws_vpc.main"
                    ],
                    "primary": {
                        "id": "sg-2722c841",
                        "attributes": {
                            "description": "Members of this SG are allowed to send any type of traffic to the NAT Box.",
                            "egress.#": "0",
                            "id": "sg-2722c841",
                            "ingress.#": "1",
                            "ingress.1034116066.cidr_blocks.#": "0",
                            "ingress.1034116066.from_port": "0",
                            "ingress.1034116066.ipv6_cidr_blocks.#": "0",
                            "ingress.1034116066.protocol": "-1",
                            "ingress.1034116066.security_groups.#": "1",
                            "ingress.1034116066.security_groups.491131388": "sg-5a22c83c",
                            "ingress.1034116066.self": "false",
                            "ingress.1034116066.to_port": "0",
                            "name": "release-natgw-instance",
                            "owner_id": "044571148504",
                            "tags.%": "5",
                            "tags.Name": "release-natgw-instance",
                            "tags.account_name": "jive-ps-pipeline",
                            "tags.pipeline_phase": "release",
                            "tags.region": "us-west-2",
                            "tags.sla": "non-prod",
                            "vpc_id": "vpc-19378c7d"
                        },
                        "meta": {},
                        "tainted": false
                    },
                    "deposed": [],
                    "provider": ""
                },
                "aws_subnet.natdc.0": {
                    "type": "aws_subnet",
                    "depends_on": [
                        "aws_vpc.main"
                    ],
                    "primary": {
                        "id": "subnet-6125fc17",
                        "attributes": {
                            "assign_ipv6_address_on_creation": "false",
                            "availability_zone": "us-west-2a",
                            "cidr_block": "10.126.152.0/24",
                            "id": "subnet-6125fc17",
                            "map_public_ip_on_launch": "false",
                            "tags.%": "5",
                            "tags.Name": "release-natdc-subnet",
                            "tags.account_name": "jive-ps-pipeline",
                            "tags.pipeline_phase": "release",
                            "tags.region": "us-west-2",
                            "tags.sla": "non-prod",
                            "vpc_id": "vpc-19378c7d"
                        },
                        "meta": {},
                        "tainted": false
                    },
                    "deposed": [],
                    "provider": ""
                },
                "aws_subnet.natdc.1": {
                    "type": "aws_subnet",
                    "depends_on": [
                        "aws_vpc.main"
                    ],
                    "primary": {
                        "id": "subnet-c2c741a6",
                        "attributes": {
                            "assign_ipv6_address_on_creation": "false",
                            "availability_zone": "us-west-2b",
                            "cidr_block": "10.126.153.0/24",
                            "id": "subnet-c2c741a6",
                            "map_public_ip_on_launch": "false",
                            "tags.%": "5",
                            "tags.Name": "release-natdc-subnet",
                            "tags.account_name": "jive-ps-pipeline",
                            "tags.pipeline_phase": "release",
                            "tags.region": "us-west-2",
                            "tags.sla": "non-prod",
                            "vpc_id": "vpc-19378c7d"
                        },
                        "meta": {},
                        "tainted": false
                    },
                    "deposed": [],
                    "provider": ""
                },
                "aws_subnet.natdc.2": {
                    "type": "aws_subnet",
                    "depends_on": [
                        "aws_vpc.main"
                    ],
                    "primary": {
                        "id": "subnet-f9be50a1",
                        "attributes": {
                            "assign_ipv6_address_on_creation": "false",
                            "availability_zone": "us-west-2c",
                            "cidr_block": "10.126.154.0/24",
                            "id": "subnet-f9be50a1",
                            "map_public_ip_on_launch": "false",
                            "tags.%": "5",
                            "tags.Name": "release-natdc-subnet",
                            "tags.account_name": "jive-ps-pipeline",
                            "tags.pipeline_phase": "release",
                            "tags.region": "us-west-2",
                            "tags.sla": "non-prod",
                            "vpc_id": "vpc-19378c7d"
                        },
                        "meta": {},
                        "tainted": false
                    },
                    "deposed": [],
                    "provider": ""
                },
                "aws_subnet.private.0": {
                    "type": "aws_subnet",
                    "depends_on": [
                        "aws_vpc.main"
                    ],
                    "primary": {
                        "id": "subnet-6e25fc18",
                        "attributes": {
                            "assign_ipv6_address_on_creation": "false",
                            "availability_zone": "us-west-2a",
                            "cidr_block": "10.126.155.96/27",
                            "id": "subnet-6e25fc18",
                            "map_public_ip_on_launch": "false",
                            "tags.%": "5",
                            "tags.Name": "release-private-subnet",
                            "tags.account_name": "jive-ps-pipeline",
                            "tags.pipeline_phase": "release",
                            "tags.region": "us-west-2",
                            "tags.sla": "non-prod",
                            "vpc_id": "vpc-19378c7d"
                        },
                        "meta": {},
                        "tainted": false
                    },
                    "deposed": [],
                    "provider": ""
                },
                "aws_subnet.private.1": {
                    "type": "aws_subnet",
                    "depends_on": [
                        "aws_vpc.main"
                    ],
                    "primary": {
                        "id": "subnet-ccc741a8",
                        "attributes": {
                            "assign_ipv6_address_on_creation": "false",
                            "availability_zone": "us-west-2b",
                            "cidr_block": "10.126.155.128/27",
                            "id": "subnet-ccc741a8",
                            "map_public_ip_on_launch": "false",
                            "tags.%": "5",
                            "tags.Name": "release-private-subnet",
                            "tags.account_name": "jive-ps-pipeline",
                            "tags.pipeline_phase": "release",
                            "tags.region": "us-west-2",
                            "tags.sla": "non-prod",
                            "vpc_id": "vpc-19378c7d"
                        },
                        "meta": {},
                        "tainted": false
                    },
                    "deposed": [],
                    "provider": ""
                },
                "aws_subnet.private.2": {
                    "type": "aws_subnet",
                    "depends_on": [
                        "aws_vpc.main"
                    ],
                    "primary": {
                        "id": "subnet-c7be509f",
                        "attributes": {
                            "assign_ipv6_address_on_creation": "false",
                            "availability_zone": "us-west-2c",
                            "cidr_block": "10.126.155.160/27",
                            "id": "subnet-c7be509f",
                            "map_public_ip_on_launch": "false",
                            "tags.%": "5",
                            "tags.Name": "release-private-subnet",
                            "tags.account_name": "jive-ps-pipeline",
                            "tags.pipeline_phase": "release",
                            "tags.region": "us-west-2",
                            "tags.sla": "non-prod",
                            "vpc_id": "vpc-19378c7d"
                        },
                        "meta": {},
                        "tainted": false
                    },
                    "deposed": [],
                    "provider": ""
                },
                "aws_subnet.public.0": {
                    "type": "aws_subnet",
                    "depends_on": [
                        "aws_vpc.main"
                    ],
                    "primary": {
                        "id": "subnet-6f25fc19",
                        "attributes": {
                            "assign_ipv6_address_on_creation": "false",
                            "availability_zone": "us-west-2a",
                            "cidr_block": "10.126.155.0/27",
                            "id": "subnet-6f25fc19",
                            "map_public_ip_on_launch": "false",
                            "tags.%": "6",
                            "tags.KubernetesCluster": "us-west-2_jive-ps-pipeline",
                            "tags.Name": "release-public-subnet",
                            "tags.account_name": "jive-ps-pipeline",
                            "tags.pipeline_phase": "release",
                            "tags.region": "us-west-2",
                            "tags.sla": "non-prod",
                            "vpc_id": "vpc-19378c7d"
                        },
                        "meta": {},
                        "tainted": false
                    },
                    "deposed": [],
                    "provider": ""
                },
                "aws_subnet.public.1": {
                    "type": "aws_subnet",
                    "depends_on": [
                        "aws_vpc.main"
                    ],
                    "primary": {
                        "id": "subnet-c3c741a7",
                        "attributes": {
                            "assign_ipv6_address_on_creation": "false",
                            "availability_zone": "us-west-2b",
                            "cidr_block": "10.126.155.32/27",
                            "id": "subnet-c3c741a7",
                            "map_public_ip_on_launch": "false",
                            "tags.%": "6",
                            "tags.KubernetesCluster": "us-west-2_jive-ps-pipeline",
                            "tags.Name": "release-public-subnet",
                            "tags.account_name": "jive-ps-pipeline",
                            "tags.pipeline_phase": "release",
                            "tags.region": "us-west-2",
                            "tags.sla": "non-prod",
                            "vpc_id": "vpc-19378c7d"
                        },
                        "meta": {},
                        "tainted": false
                    },
                    "deposed": [],
                    "provider": ""
                },
                "aws_subnet.public.2": {
                    "type": "aws_subnet",
                    "depends_on": [
                        "aws_vpc.main"
                    ],
                    "primary": {
                        "id": "subnet-f8be50a0",
                        "attributes": {
                            "assign_ipv6_address_on_creation": "false",
                            "availability_zone": "us-west-2c",
                            "cidr_block": "10.126.155.64/27",
                            "id": "subnet-f8be50a0",
                            "map_public_ip_on_launch": "false",
                            "tags.%": "6",
                            "tags.KubernetesCluster": "us-west-2_jive-ps-pipeline",
                            "tags.Name": "release-public-subnet",
                            "tags.account_name": "jive-ps-pipeline",
                            "tags.pipeline_phase": "release",
                            "tags.region": "us-west-2",
                            "tags.sla": "non-prod",
                            "vpc_id": "vpc-19378c7d"
                        },
                        "meta": {},
                        "tainted": false
                    },
                    "deposed": [],
                    "provider": ""
                },
                "aws_vpc.main": {
                    "type": "aws_vpc",
                    "depends_on": [],
                    "primary": {
                        "id": "vpc-19378c7d",
                        "attributes": {
                            "assign_generated_ipv6_cidr_block": "false",
                            "cidr_block": "10.126.152.0/22",
                            "default_network_acl_id": "acl-cc34a3a8",
                            "default_route_table_id": "rtb-4098f424",
                            "default_security_group_id": "sg-5122c837",
                            "dhcp_options_id": "dopt-786d471d",
                            "enable_classiclink": "false",
                            "enable_dns_hostnames": "true",
                            "enable_dns_support": "true",
                            "id": "vpc-19378c7d",
                            "instance_tenancy": "default",
                            "main_route_table_id": "rtb-4098f424",
                            "tags.%": "5",
                            "tags.Name": "release-vpc",
                            "tags.account_name": "jive-ps-pipeline",
                            "tags.pipeline_phase": "release",
                            "tags.region": "us-west-2",
                            "tags.sla": "non-prod"
                        },
                        "meta": {
                            "schema_version": "1"
                        },
                        "tainted": false
                    },
                    "deposed": [],
                    "provider": ""
                },
                "aws_vpc_peering_connection.infra": {
                    "type": "aws_vpc_peering_connection",
                    "depends_on": [
                        "aws_vpc.main"
                    ],
                    "primary": {
                        "id": "pcx-3fd76356",
                        "attributes": {
                            "accept_status": "active",
                            "accepter.#": "1",
                            "accepter.3244290774.allow_classic_link_to_remote_vpc": "false",
                            "accepter.3244290774.allow_remote_vpc_dns_resolution": "false",
                            "accepter.3244290774.allow_vpc_to_remote_classic_link": "false",
                            "auto_accept": "true",
                            "id": "pcx-3fd76356",
                            "peer_owner_id": "044571148504",
                            "peer_vpc_id": "vpc-99338bfd",
                            "requester.#": "1",
                            "requester.3244290774.allow_classic_link_to_remote_vpc": "false",
                            "requester.3244290774.allow_remote_vpc_dns_resolution": "false",
                            "requester.3244290774.allow_vpc_to_remote_classic_link": "false",
                            "tags.%": "5",
                            "tags.Name": "release_to_infra-jive-ps-pipeline",
                            "tags.account_name": "jive-ps-pipeline",
                            "tags.pipeline_phase": "release",
                            "tags.region": "us-west-2",
                            "tags.sla": "non-prod",
                            "vpc_id": "vpc-19378c7d"
                        },
                        "meta": {},
                        "tainted": false
                    },
                    "deposed": [],
                    "provider": ""
                },
                "aws_vpn_gateway.vgw": {
                    "type": "aws_vpn_gateway",
                    "depends_on": [
                        "aws_vpc.main"
                    ],
                    "primary": {
                        "id": "vgw-3cd70e22",
                        "attributes": {
                            "availability_zone": "",
                            "id": "vgw-3cd70e22",
                            "tags.%": "7",
                            "tags.Name": "release-vgw",
                            "tags.account_name": "jive-ps-pipeline",
                            "tags.jive_service": "infrastructure",
                            "tags.pipeline_phase": "release",
                            "tags.region": "us-west-2",
                            "tags.service_component": "vpn_gateway",
                            "tags.sla": "non-prod",
                            "vpc_id": "vpc-19378c7d"
                        },
                        "meta": {},
                        "tainted": false
                    },
                    "deposed": [],
                    "provider": ""
                }
            },
            "depends_on": []
        }
    ]
}
