{
    "version": 3,
    "terraform_version": "0.7.13",
    "serial": 12,
    "lineage": "dc832387-e060-4233-943c-c84f256bd416",
    "modules": [
        {
            "path": [
                "root"
            ],
            "outputs": {},
            "resources": {
                "aws_db_instance.default": {
                    "type": "aws_db_instance",
                    "depends_on": [
                        "aws_db_subnet_group.postgres",
                        "aws_security_group.postgres"
                    ],
                    "primary": {
                        "id": "soa-pg-identity-ms-test-db1",
                        "attributes": {
                            "address": "soa-pg-identity-ms-test-db1.cushyasisipw.us-west-2.rds.amazonaws.com",
                            "allocated_storage": "50",
                            "arn": "arn:aws:rds:us-west-2:811034720611:db:soa-pg-identity-ms-test-db1",
                            "auto_minor_version_upgrade": "true",
                            "availability_zone": "us-west-2c",
                            "backup_retention_period": "0",
                            "backup_window": "13:08-13:38",
                            "copy_tags_to_snapshot": "false",
                            "db_subnet_group_name": "soa-pg-identity-ms-test-group",
                            "endpoint": "soa-pg-identity-ms-test-db1.cushyasisipw.us-west-2.rds.amazonaws.com:5432",
                            "engine": "postgres",
                            "engine_version": "9.5.2",
                            "hosted_zone_id": "Z1PVIF0B656C1W",
                            "id": "soa-pg-identity-ms-test-db1",
                            "identifier": "soa-pg-identity-ms-test-db1",
                            "instance_class": "db.r3.large",
                            "iops": "0",
                            "kms_key_id": "",
                            "license_model": "postgresql-license",
                            "maintenance_window": "sat:10:50-sat:11:20",
                            "monitoring_interval": "0",
                            "multi_az": "false",
                            "name": "identity_db",
                            "option_group_name": "default:postgres-9-5",
                            "parameter_group_name": "rds-postgres-id-param-test",
                            "password": "4\u00260L7$M1mO2l",
                            "port": "5432",
                            "publicly_accessible": "false",
                            "replicas.#": "0",
                            "replicate_source_db": "",
                            "security_group_names.#": "0",
                            "skip_final_snapshot": "true",
                            "status": "available",
                            "storage_encrypted": "false",
                            "storage_type": "standard",
                            "tags.%": "0",
                            "username": "identity_user",
                            "vpc_security_group_ids.#": "1",
                            "vpc_security_group_ids.1944208071": "sg-c041b0b8"
                        },
                        "meta": {},
                        "tainted": false
                    },
                    "deposed": [],
                    "provider": ""
                },
                "aws_db_instance.migration": {
                    "type": "aws_db_instance",
                    "depends_on": [
                        "aws_db_subnet_group.postgres",
                        "aws_security_group.postgres"
                    ],
                    "primary": {
                        "id": "soa-pg-migration-ms-test-db1",
                        "attributes": {
                            "address": "soa-pg-migration-ms-test-db1.cushyasisipw.us-west-2.rds.amazonaws.com",
                            "allocated_storage": "50",
                            "arn": "arn:aws:rds:us-west-2:811034720611:db:soa-pg-migration-ms-test-db1",
                            "auto_minor_version_upgrade": "true",
                            "availability_zone": "us-west-2a",
                            "backup_retention_period": "0",
                            "backup_window": "11:09-11:39",
                            "copy_tags_to_snapshot": "false",
                            "db_subnet_group_name": "soa-pg-identity-ms-test-group",
                            "endpoint": "soa-pg-migration-ms-test-db1.cushyasisipw.us-west-2.rds.amazonaws.com:5432",
                            "engine": "postgres",
                            "engine_version": "9.5.2",
                            "hosted_zone_id": "Z1PVIF0B656C1W",
                            "id": "soa-pg-migration-ms-test-db1",
                            "identifier": "soa-pg-migration-ms-test-db1",
                            "instance_class": "db.t2.micro",
                            "iops": "0",
                            "kms_key_id": "",
                            "license_model": "postgresql-license",
                            "maintenance_window": "sat:06:55-sat:07:25",
                            "monitoring_interval": "0",
                            "multi_az": "false",
                            "name": "identity_db",
                            "option_group_name": "default:postgres-9-5",
                            "parameter_group_name": "rds-postgres-id-param-test",
                            "password": "4\u00260L7$M1mO2l",
                            "port": "5432",
                            "publicly_accessible": "false",
                            "replicas.#": "0",
                            "replicate_source_db": "",
                            "security_group_names.#": "0",
                            "skip_final_snapshot": "true",
                            "status": "available",
                            "storage_encrypted": "false",
                            "storage_type": "standard",
                            "tags.%": "0",
                            "username": "identity_user",
                            "vpc_security_group_ids.#": "1",
                            "vpc_security_group_ids.1944208071": "sg-c041b0b8"
                        },
                        "meta": {},
                        "tainted": false
                    },
                    "deposed": [],
                    "provider": ""
                },
                "aws_db_parameter_group.default": {
                    "type": "aws_db_parameter_group",
                    "depends_on": [],
                    "primary": {
                        "id": "rds-postgres-id-param-test",
                        "attributes": {
                            "arn": "arn:aws:rds:us-west-2:811034720611:pg:rds-postgres-id-param-test",
                            "description": "Managed by Terraform",
                            "family": "postgres9.5",
                            "id": "rds-postgres-id-param-test",
                            "name": "rds-postgres-id-param-test",
                            "parameter.#": "0",
                            "tags.%": "0"
                        },
                        "meta": {},
                        "tainted": false
                    },
                    "deposed": [],
                    "provider": ""
                },
                "aws_db_subnet_group.aurora": {
                    "type": "aws_db_subnet_group",
                    "depends_on": [],
                    "primary": {
                        "id": "soa-identity-ms-test-group",
                        "attributes": {
                            "arn": "arn:aws:rds:us-west-2:811034720611:subgrp:soa-identity-ms-test-group",
                            "description": "Managed by Horizon",
                            "id": "soa-identity-ms-test-group",
                            "name": "soa-identity-ms-test-group",
                            "subnet_ids.#": "3",
                            "subnet_ids.2207110996": "subnet-ace1e0f5",
                            "subnet_ids.2471563134": "subnet-97fb0fe1",
                            "subnet_ids.4149756770": "subnet-ada073c9",
                            "tags.%": "7",
                            "tags.Name": "pipeline-identity",
                            "tags.account_name": "jive-microservices-pipeline",
                            "tags.jive_service": "identity",
                            "tags.pipeline_phase": "pipeline",
                            "tags.region": "us-west-2",
                            "tags.service_component": "identity-aurora",
                            "tags.sla": "non-prod"
                        },
                        "meta": {},
                        "tainted": false
                    },
                    "deposed": [],
                    "provider": ""
                },
                "aws_db_subnet_group.postgres": {
                    "type": "aws_db_subnet_group",
                    "depends_on": [],
                    "primary": {
                        "id": "soa-pg-identity-ms-test-group",
                        "attributes": {
                            "arn": "arn:aws:rds:us-west-2:811034720611:subgrp:soa-pg-identity-ms-test-group",
                            "description": "Managed by Horizon",
                            "id": "soa-pg-identity-ms-test-group",
                            "name": "soa-pg-identity-ms-test-group",
                            "subnet_ids.#": "3",
                            "subnet_ids.2207110996": "subnet-ace1e0f5",
                            "subnet_ids.2471563134": "subnet-97fb0fe1",
                            "subnet_ids.4149756770": "subnet-ada073c9",
                            "tags.%": "7",
                            "tags.Name": "pipeline-identity",
                            "tags.account_name": "jive-microservices-pipeline",
                            "tags.jive_service": "identity",
                            "tags.pipeline_phase": "pipeline",
                            "tags.region": "us-west-2",
                            "tags.service_component": "identity-postgres",
                            "tags.sla": "non-prod"
                        },
                        "meta": {},
                        "tainted": false
                    },
                    "deposed": [],
                    "provider": ""
                },
                "aws_elasticache_cluster.identity_redis": {
                    "type": "aws_elasticache_cluster",
                    "depends_on": [
                        "aws_elasticache_parameter_group.identity_redis",
                        "aws_elasticache_subnet_group.identity_redis",
                        "aws_security_group.identity_redis"
                    ],
                    "primary": {
                        "id": "soa-id-ms-test",
                        "attributes": {
                            "availability_zone": "us-west-2a",
                            "cache_nodes.#": "1",
                            "cache_nodes.0.address": "soa-id-ms-test.thv7wn.0001.usw2.cache.amazonaws.com",
                            "cache_nodes.0.availability_zone": "us-west-2a",
                            "cache_nodes.0.id": "0001",
                            "cache_nodes.0.port": "6379",
                            "cluster_id": "soa-id-ms-test",
                            "engine": "redis",
                            "engine_version": "2.8.24",
                            "id": "soa-id-ms-test",
                            "maintenance_window": "wed:13:00-wed:14:00",
                            "node_type": "cache.r3.large",
                            "num_cache_nodes": "1",
                            "parameter_group_name": "soa-id-ms-test",
                            "port": "6379",
                            "replication_group_id": "soa-id-ms-test1",
                            "security_group_ids.#": "1",
                            "security_group_ids.991149541": "sg-4287553b",
                            "security_group_names.#": "0",
                            "snapshot_retention_limit": "0",
                            "snapshot_window": "10:00-11:00",
                            "subnet_group_name": "soa-id-ms-test",
                            "tags.%": "7",
                            "tags.Name": "soa-id-ms-test",
                            "tags.account_name": "jive-microservices-pipeline",
                            "tags.jive_service": "identity",
                            "tags.pipeline_phase": "pipeline",
                            "tags.region": "us-west-2",
                            "tags.service_component": "identity-redis",
                            "tags.sla": "non-prod"
                        },
                        "meta": {},
                        "tainted": false
                    },
                    "deposed": [],
                    "provider": ""
                },
                "aws_elasticache_parameter_group.identity_redis": {
                    "type": "aws_elasticache_parameter_group",
                    "depends_on": [],
                    "primary": {
                        "id": "soa-id-ms-test",
                        "attributes": {
                            "description": "Parameter group for Identity cache instances",
                            "family": "redis2.8",
                            "id": "soa-id-ms-test",
                            "name": "soa-id-ms-test",
                            "parameter.#": "0"
                        },
                        "meta": {},
                        "tainted": false
                    },
                    "deposed": [],
                    "provider": ""
                },
                "aws_elasticache_subnet_group.identity_redis": {
                    "type": "aws_elasticache_subnet_group",
                    "depends_on": [],
                    "primary": {
                        "id": "soa-id-ms-test",
                        "attributes": {
                            "description": "Subnet group for Identity Redis instances",
                            "id": "soa-id-ms-test",
                            "name": "soa-id-ms-test",
                            "subnet_ids.#": "3",
                            "subnet_ids.1109472348": "subnet-96fb0fe0",
                            "subnet_ids.1173900666": "subnet-aca073c8",
                            "subnet_ids.825088332": "subnet-ade1e0f4"
                        },
                        "meta": {},
                        "tainted": false
                    },
                    "deposed": [],
                    "provider": ""
                },
                "aws_rds_cluster.aurora_cluster": {
                    "type": "aws_rds_cluster",
                    "depends_on": [
                        "aws_db_subnet_group.aurora",
                        "aws_security_group.aurora"
                    ],
                    "primary": {
                        "id": "soa-identity-ms-test-db-cluster",
                        "attributes": {
                            "availability_zones.#": "3",
                            "availability_zones.2050015877": "us-west-2c",
                            "availability_zones.221770259": "us-west-2b",
                            "availability_zones.2487133097": "us-west-2a",
                            "backup_retention_period": "1",
                            "cluster_identifier": "soa-identity-ms-test-db-cluster",
                            "cluster_members.#": "3",
                            "cluster_members.1401950233": "soa-identity-ms-test-db2",
                            "cluster_members.3181277493": "soa-identity-ms-test-db0",
                            "cluster_members.3399041443": "soa-identity-ms-test-db1",
                            "database_name": "pipelineidentity",
                            "db_cluster_parameter_group_name": "default.aurora5.6",
                            "db_subnet_group_name": "soa-identity-ms-test-group",
                            "endpoint": "soa-identity-ms-test-db-cluster.cluster-cushyasisipw.us-west-2.rds.amazonaws.com",
                            "engine": "aurora",
                            "id": "soa-identity-ms-test-db-cluster",
                            "kms_key_id": "arn:aws:kms:us-west-2:811034720611:key/304de97c-5802-48a1-8d06-37445225a1db",
                            "master_password": "4\u00260L7$M1mO2l",
                            "master_username": "identity",
                            "parameter_group_name": "default.aurora5.6",
                            "port": "3306",
                            "preferred_backup_window": "08:12-08:42",
                            "preferred_maintenance_window": "tue:12:44-tue:13:14",
                            "reader_endpoint": "soa-identity-ms-test-db-cluster.cluster-ro-cushyasisipw.us-west-2.rds.amazonaws.com",
                            "skip_final_snapshot": "true",
                            "storage_encrypted": "true",
                            "tags.%": "0",
                            "vpc_security_group_ids.#": "1",
                            "vpc_security_group_ids.2310255613": "sg-4587553c"
                        },
                        "meta": {},
                        "tainted": false
                    },
                    "deposed": [],
                    "provider": ""
                },
                "aws_rds_cluster_instance.aurora_instance.0": {
                    "type": "aws_rds_cluster_instance",
                    "depends_on": [
                        "aws_db_subnet_group.aurora",
                        "aws_rds_cluster.aurora_cluster"
                    ],
                    "primary": {
                        "id": "soa-identity-ms-test-db0",
                        "attributes": {
                            "cluster_identifier": "soa-identity-ms-test-db-cluster",
                            "db_parameter_group_name": "default.aurora5.6",
                            "db_subnet_group_name": "soa-identity-ms-test-group",
                            "endpoint": "soa-identity-ms-test-db0.cushyasisipw.us-west-2.rds.amazonaws.com",
                            "id": "soa-identity-ms-test-db0",
                            "identifier": "soa-identity-ms-test-db0",
                            "instance_class": "db.r3.large",
                            "kms_key_id": "arn:aws:kms:us-west-2:811034720611:key/304de97c-5802-48a1-8d06-37445225a1db",
                            "monitoring_interval": "0",
                            "port": "3306",
                            "promotion_tier": "0",
                            "publicly_accessible": "false",
                            "storage_encrypted": "true",
                            "tags.%": "7",
                            "tags.Name": "pipeline-identity",
                            "tags.account_name": "jive-microservices-pipeline",
                            "tags.jive_service": "identity",
                            "tags.pipeline_phase": "pipeline",
                            "tags.region": "us-west-2",
                            "tags.service_component": "identity-aurora",
                            "tags.sla": "non-prod",
                            "writer": "false"
                        },
                        "meta": {},
                        "tainted": false
                    },
                    "deposed": [],
                    "provider": ""
                },
                "aws_rds_cluster_instance.aurora_instance.1": {
                    "type": "aws_rds_cluster_instance",
                    "depends_on": [
                        "aws_db_subnet_group.aurora",
                        "aws_rds_cluster.aurora_cluster"
                    ],
                    "primary": {
                        "id": "soa-identity-ms-test-db1",
                        "attributes": {
                            "cluster_identifier": "soa-identity-ms-test-db-cluster",
                            "db_parameter_group_name": "default.aurora5.6",
                            "db_subnet_group_name": "soa-identity-ms-test-group",
                            "endpoint": "soa-identity-ms-test-db1.cushyasisipw.us-west-2.rds.amazonaws.com",
                            "id": "soa-identity-ms-test-db1",
                            "identifier": "soa-identity-ms-test-db1",
                            "instance_class": "db.r3.large",
                            "kms_key_id": "arn:aws:kms:us-west-2:811034720611:key/304de97c-5802-48a1-8d06-37445225a1db",
                            "monitoring_interval": "0",
                            "port": "3306",
                            "promotion_tier": "0",
                            "publicly_accessible": "false",
                            "storage_encrypted": "true",
                            "tags.%": "7",
                            "tags.Name": "pipeline-identity",
                            "tags.account_name": "jive-microservices-pipeline",
                            "tags.jive_service": "identity",
                            "tags.pipeline_phase": "pipeline",
                            "tags.region": "us-west-2",
                            "tags.service_component": "identity-aurora",
                            "tags.sla": "non-prod",
                            "writer": "true"
                        },
                        "meta": {},
                        "tainted": false
                    },
                    "deposed": [],
                    "provider": ""
                },
                "aws_rds_cluster_instance.aurora_instance.2": {
                    "type": "aws_rds_cluster_instance",
                    "depends_on": [
                        "aws_db_subnet_group.aurora",
                        "aws_rds_cluster.aurora_cluster"
                    ],
                    "primary": {
                        "id": "soa-identity-ms-test-db2",
                        "attributes": {
                            "cluster_identifier": "soa-identity-ms-test-db-cluster",
                            "db_parameter_group_name": "default.aurora5.6",
                            "db_subnet_group_name": "soa-identity-ms-test-group",
                            "endpoint": "soa-identity-ms-test-db2.cushyasisipw.us-west-2.rds.amazonaws.com",
                            "id": "soa-identity-ms-test-db2",
                            "identifier": "soa-identity-ms-test-db2",
                            "instance_class": "db.r3.large",
                            "kms_key_id": "arn:aws:kms:us-west-2:811034720611:key/304de97c-5802-48a1-8d06-37445225a1db",
                            "monitoring_interval": "0",
                            "port": "3306",
                            "promotion_tier": "0",
                            "publicly_accessible": "false",
                            "storage_encrypted": "true",
                            "tags.%": "7",
                            "tags.Name": "pipeline-identity",
                            "tags.account_name": "jive-microservices-pipeline",
                            "tags.jive_service": "identity",
                            "tags.pipeline_phase": "pipeline",
                            "tags.region": "us-west-2",
                            "tags.service_component": "identity-aurora",
                            "tags.sla": "non-prod",
                            "writer": "false"
                        },
                        "meta": {},
                        "tainted": false
                    },
                    "deposed": [],
                    "provider": ""
                },
                "aws_security_group.aurora": {
                    "type": "aws_security_group",
                    "depends_on": [],
                    "primary": {
                        "id": "sg-4587553c",
                        "attributes": {
                            "description": "Aurora DB access.",
                            "egress.#": "0",
                            "id": "sg-4587553c",
                            "ingress.#": "1",
                            "ingress.1163740523.cidr_blocks.#": "1",
                            "ingress.1163740523.cidr_blocks.0": "0.0.0.0/0",
                            "ingress.1163740523.from_port": "3306",
                            "ingress.1163740523.protocol": "tcp",
                            "ingress.1163740523.security_groups.#": "0",
                            "ingress.1163740523.self": "false",
                            "ingress.1163740523.to_port": "3306",
                            "name": "ms-test-aurora",
                            "owner_id": "811034720611",
                            "tags.%": "7",
                            "tags.Name": "ms-test-identity",
                            "tags.account_name": "jive-microservices-pipeline",
                            "tags.jive_service": "identity",
                            "tags.pipeline_phase": "pipeline",
                            "tags.region": "us-west-2",
                            "tags.service_component": "identity-aurora",
                            "tags.sla": "non-prod",
                            "vpc_id": "vpc-895e96ed"
                        },
                        "meta": {},
                        "tainted": false
                    },
                    "deposed": [],
                    "provider": ""
                },
                "aws_security_group.identity_redis": {
                    "type": "aws_security_group",
                    "depends_on": [],
                    "primary": {
                        "id": "sg-4287553b",
                        "attributes": {
                            "description": "Access to Identity Redis instance",
                            "egress.#": "0",
                            "id": "sg-4287553b",
                            "ingress.#": "1",
                            "ingress.89386786.cidr_blocks.#": "1",
                            "ingress.89386786.cidr_blocks.0": "10.0.0.0/8",
                            "ingress.89386786.from_port": "6379",
                            "ingress.89386786.protocol": "tcp",
                            "ingress.89386786.security_groups.#": "0",
                            "ingress.89386786.self": "false",
                            "ingress.89386786.to_port": "6379",
                            "name": "ms-test-identity-redis",
                            "owner_id": "811034720611",
                            "tags.%": "7",
                            "tags.Name": "ms-test-identity-redis",
                            "tags.account_name": "jive-microservices-pipeline",
                            "tags.jive_service": "identity",
                            "tags.pipeline_phase": "pipeline",
                            "tags.region": "us-west-2",
                            "tags.service_component": "Identity",
                            "tags.sla": "non-prod",
                            "vpc_id": "vpc-895e96ed"
                        },
                        "meta": {},
                        "tainted": false
                    },
                    "deposed": [],
                    "provider": ""
                },
                "aws_security_group.postgres": {
                    "type": "aws_security_group",
                    "depends_on": [],
                    "primary": {
                        "id": "sg-c041b0b8",
                        "attributes": {
                            "description": "Postgres DB access.",
                            "egress.#": "0",
                            "id": "sg-c041b0b8",
                            "ingress.#": "1",
                            "ingress.761371496.cidr_blocks.#": "1",
                            "ingress.761371496.cidr_blocks.0": "0.0.0.0/0",
                            "ingress.761371496.from_port": "5432",
                            "ingress.761371496.protocol": "tcp",
                            "ingress.761371496.security_groups.#": "0",
                            "ingress.761371496.self": "false",
                            "ingress.761371496.to_port": "5432",
                            "name": "ms-test-postgres",
                            "owner_id": "811034720611",
                            "tags.%": "7",
                            "tags.Name": "ms-test-identity_db",
                            "tags.account_name": "jive-microservices-pipeline",
                            "tags.jive_service": "identity",
                            "tags.pipeline_phase": "pipeline",
                            "tags.region": "us-west-2",
                            "tags.service_component": "identity-postgres",
                            "tags.sla": "non-prod",
                            "vpc_id": "vpc-895e96ed"
                        },
                        "meta": {},
                        "tainted": false
                    },
                    "deposed": [],
                    "provider": ""
                },
                "aws_sns_topic.identity_revoke_sns": {
                    "type": "aws_sns_topic",
                    "depends_on": [],
                    "primary": {
                        "id": "arn:aws:sns:us-west-2:811034720611:soa-identity-ms-test-revocation",
                        "attributes": {
                            "arn": "arn:aws:sns:us-west-2:811034720611:soa-identity-ms-test-revocation",
                            "display_name": "",
                            "id": "arn:aws:sns:us-west-2:811034720611:soa-identity-ms-test-revocation",
                            "name": "soa-identity-ms-test-revocation",
                            "policy": "{\"Id\":\"__default_policy_ID\",\"Statement\":[{\"Action\":[\"SNS:Publish\",\"SNS:RemovePermission\",\"SNS:SetTopicAttributes\",\"SNS:DeleteTopic\",\"SNS:ListSubscriptionsByTopic\",\"SNS:GetTopicAttributes\",\"SNS:Receive\",\"SNS:AddPermission\",\"SNS:Subscribe\"],\"Condition\":{\"StringEquals\":{\"AWS:SourceOwner\":\"811034720611\"}},\"Effect\":\"Allow\",\"Principal\":{\"AWS\":\"*\"},\"Resource\":\"arn:aws:sns:us-west-2:811034720611:soa-identity-ms-test-revocation\",\"Sid\":\"__default_statement_ID\"},{\"Action\":\"SNS:Publish\",\"Effect\":\"Allow\",\"Principal\":{\"AWS\":[\"arn:aws:iam::811034720611:user/mako-soa-identity-rev-sync-ms-test\",\"arn:aws:iam::811034720611:user/mako-soa-identity-scim-ms-test\",\"arn:aws:iam::811034720611:user/mako-soa-identity-auth-ms-test\",\"arn:aws:iam::811034720611:user/mako-soa-identity-management-ms-test\"]},\"Resource\":\"arn:aws:sns:us-west-2:811034720611:soa-identity-ms-test-revocation\",\"Sid\":\"__console_pub_0\"},{\"Action\":[\"SNS:Subscribe\",\"SNS:Receive\"],\"Effect\":\"Allow\",\"Principal\":{\"AWS\":[\"arn:aws:iam::811034720611:user/mako-soa-identity-rev-sync-ms-test\",\"arn:aws:iam::811034720611:user/mako-soa-identity-scim-ms-test\",\"arn:aws:iam::811034720611:user/mako-soa-identity-auth-ms-test\",\"arn:aws:iam::811034720611:user/mako-soa-identity-management-ms-test\"]},\"Resource\":\"arn:aws:sns:us-west-2:811034720611:soa-identity-ms-test-revocation\",\"Sid\":\"__console_sub_0\"}],\"Version\":\"2008-10-17\"}"
                        },
                        "meta": {},
                        "tainted": false
                    },
                    "deposed": [],
                    "provider": ""
                },
                "aws_sns_topic_subscription.identity_revocation_queue_subscribtion": {
                    "type": "aws_sns_topic_subscription",
                    "depends_on": [
                        "aws_sns_topic.identity_revoke_sns",
                        "aws_sqs_queue.revocation_queue"
                    ],
                    "primary": {
                        "id": "arn:aws:sns:us-west-2:811034720611:soa-identity-ms-test-revocation:5de38edb-912b-4ba1-8b62-96fdf8331e04",
                        "attributes": {
                            "arn": "arn:aws:sns:us-west-2:811034720611:soa-identity-ms-test-revocation:5de38edb-912b-4ba1-8b62-96fdf8331e04",
                            "confirmation_timeout_in_minutes": "1",
                            "endpoint": "arn:aws:sqs:us-west-2:811034720611:soa-identity-ms-test-revocation",
                            "endpoint_auto_confirms": "false",
                            "id": "arn:aws:sns:us-west-2:811034720611:soa-identity-ms-test-revocation:5de38edb-912b-4ba1-8b62-96fdf8331e04",
                            "protocol": "sqs",
                            "raw_message_delivery": "false",
                            "topic_arn": "arn:aws:sns:us-west-2:811034720611:soa-identity-ms-test-revocation"
                        },
                        "meta": {},
                        "tainted": false
                    },
                    "deposed": [],
                    "provider": ""
                },
                "aws_sqs_queue.revocation_dead_letter_queue": {
                    "type": "aws_sqs_queue",
                    "depends_on": [],
                    "primary": {
                        "id": "https://sqs.us-west-2.amazonaws.com/811034720611/soa-identity-ms-test-revocation-dead-letter",
                        "attributes": {
                            "arn": "arn:aws:sqs:us-west-2:811034720611:soa-identity-ms-test-revocation-dead-letter",
                            "delay_seconds": "0",
                            "id": "https://sqs.us-west-2.amazonaws.com/811034720611/soa-identity-ms-test-revocation-dead-letter",
                            "max_message_size": "262144",
                            "message_retention_seconds": "345600",
                            "name": "soa-identity-ms-test-revocation-dead-letter",
                            "policy": "{\"Version\":\"2012-10-17\",\"Id\":\"arn:aws:sqs:us-west-2:811034720611:soa-identity-ms-test-revocation-dead-letter/SQSDefaultPolicy\",\"Statement\":[{\"Sid\":\"Sid1471472644917\",\"Effect\":\"Allow\",\"Principal\":{\"AWS\":[\"arn:aws:iam::811034720611:user/mako-soa-identity-management-ms-test\",\"arn:aws:iam::811034720611:user/mako-soa-identity-auth-ms-test\",\"arn:aws:iam::811034720611:user/mako-soa-identity-rev-sync-ms-test\"]},\"Action\":\"SQS:*\",\"Resource\":\"arn:aws:sqs:us-west-2:811034720611:soa-identity-ms-test-revocation-dead-letter\"}]}",
                            "receive_wait_time_seconds": "0",
                            "visibility_timeout_seconds": "30"
                        },
                        "meta": {},
                        "tainted": false
                    },
                    "deposed": [],
                    "provider": ""
                },
                "aws_sqs_queue.revocation_queue": {
                    "type": "aws_sqs_queue",
                    "depends_on": [],
                    "primary": {
                        "id": "https://sqs.us-west-2.amazonaws.com/811034720611/soa-identity-ms-test-revocation",
                        "attributes": {
                            "arn": "arn:aws:sqs:us-west-2:811034720611:soa-identity-ms-test-revocation",
                            "delay_seconds": "0",
                            "id": "https://sqs.us-west-2.amazonaws.com/811034720611/soa-identity-ms-test-revocation",
                            "max_message_size": "262144",
                            "message_retention_seconds": "345600",
                            "name": "soa-identity-ms-test-revocation",
                            "policy": "{\"Version\":\"2012-10-17\",\"Id\":\"arn:aws:sqs:us-west-2:811034720611:soa-identity-ms-test-revocation/SQSDefaultPolicy\",\"Statement\":[{\"Sid\":\"Sid1471470510997\",\"Effect\":\"Allow\",\"Principal\":{\"AWS\":[\"arn:aws:iam::811034720611:user/mako-soa-identity-auth-ms-test\",\"arn:aws:iam::811034720611:user/mako-soa-identity-rev-sync-ms-test\",\"arn:aws:iam::811034720611:user/mako-soa-identity-management-ms-test\"]},\"Action\":\"SQS:*\",\"Resource\":\"arn:aws:sqs:us-west-2:811034720611:soa-identity-ms-test-revocation\"}]}",
                            "receive_wait_time_seconds": "0",
                            "redrive_policy": "",
                            "visibility_timeout_seconds": "30"
                        },
                        "meta": {},
                        "tainted": false
                    },
                    "deposed": [],
                    "provider": ""
                }
            },
            "depends_on": []
        }
    ]
}
