{
    "version": 3,
    "terraform_version": "0.9.2",
    "serial": 5,
    "lineage": "7c949738-0e1b-4680-a1e8-7deacad97585",
    "modules": [
        {
            "path": [
                "root"
            ],
            "outputs": {},
            "resources": {
                "aws_eip.natgw.0": {
                    "type": "aws_eip",
                    "depends_on": [],
                    "primary": {
                        "id": "eipalloc-e2c1aa8b",
                        "attributes": {
                            "association_id": "eipassoc-96c1a3fd",
                            "domain": "vpc",
                            "id": "eipalloc-e2c1aa8b",
                            "instance": "",
                            "network_interface": "eni-a6f454c9",
                            "private_ip": "10.114.107.24",
                            "public_ip": "35.157.60.9",
                            "vpc": "true"
                        },
                        "meta": {},
                        "tainted": false
                    },
                    "deposed": [],
                    "provider": ""
                },
                "aws_eip.natgw.1": {
                    "type": "aws_eip",
                    "depends_on": [],
                    "primary": {
                        "id": "eipalloc-b7cb83de",
                        "attributes": {
                            "association_id": "eipassoc-c3c6a4a8",
                            "domain": "vpc",
                            "id": "eipalloc-b7cb83de",
                            "instance": "",
                            "network_interface": "eni-e18fae9f",
                            "private_ip": "10.114.107.49",
                            "public_ip": "52.29.198.180",
                            "vpc": "true"
                        },
                        "meta": {},
                        "tainted": false
                    },
                    "deposed": [],
                    "provider": ""
                },
                "aws_internet_gateway.igw": {
                    "type": "aws_internet_gateway",
                    "depends_on": [
                        "aws_vpc.main"
                    ],
                    "primary": {
                        "id": "igw-b20027db",
                        "attributes": {
                            "id": "igw-b20027db",
                            "tags.%": "5",
                            "tags.Name": "release-igw",
                            "tags.account_name": "jive-data-pipeline",
                            "tags.pipeline_phase": "release",
                            "tags.region": "eu-central-1",
                            "tags.sla": "non-prod",
                            "vpc_id": "vpc-4729f62f"
                        },
                        "meta": {},
                        "tainted": false
                    },
                    "deposed": [],
                    "provider": ""
                },
                "aws_nat_gateway.natgw.0": {
                    "type": "aws_nat_gateway",
                    "depends_on": [
                        "aws_eip.natgw.*",
                        "aws_internet_gateway.igw",
                        "aws_subnet.public.*"
                    ],
                    "primary": {
                        "id": "nat-0a23506924d56ac81",
                        "attributes": {
                            "allocation_id": "eipalloc-e2c1aa8b",
                            "id": "nat-0a23506924d56ac81",
                            "network_interface_id": "eni-a6f454c9",
                            "private_ip": "10.114.107.24",
                            "public_ip": "35.157.60.9",
                            "subnet_id": "subnet-5adc4332"
                        },
                        "meta": {},
                        "tainted": false
                    },
                    "deposed": [],
                    "provider": ""
                },
                "aws_nat_gateway.natgw.1": {
                    "type": "aws_nat_gateway",
                    "depends_on": [
                        "aws_eip.natgw.*",
                        "aws_internet_gateway.igw",
                        "aws_subnet.public.*"
                    ],
                    "primary": {
                        "id": "nat-0eeefa232267fa54c",
                        "attributes": {
                            "allocation_id": "eipalloc-b7cb83de",
                            "id": "nat-0eeefa232267fa54c",
                            "network_interface_id": "eni-e18fae9f",
                            "private_ip": "10.114.107.49",
                            "public_ip": "52.29.198.180",
                            "subnet_id": "subnet-642e8f1e"
                        },
                        "meta": {},
                        "tainted": false
                    },
                    "deposed": [],
                    "provider": ""
                },
                "aws_route.bastion_natdc.0": {
                    "type": "aws_route",
                    "depends_on": [
                        "aws_route_table.natdc.*",
                        "aws_vpc_peering_connection.infra"
                    ],
                    "primary": {
                        "id": "r-rtb-9aa224f23325263991",
                        "attributes": {
                            "destination_cidr_block": "10.127.69.7/32",
                            "destination_prefix_list_id": "",
                            "egress_only_gateway_id": "",
                            "gateway_id": "",
                            "id": "r-rtb-9aa224f23325263991",
                            "instance_id": "",
                            "instance_owner_id": "",
                            "nat_gateway_id": "",
                            "network_interface_id": "",
                            "origin": "CreateRoute",
                            "route_table_id": "rtb-9aa224f2",
                            "state": "active",
                            "vpc_peering_connection_id": "pcx-e9b96180"
                        },
                        "meta": {},
                        "tainted": false
                    },
                    "deposed": [],
                    "provider": ""
                },
                "aws_route.bastion_natdc.1": {
                    "type": "aws_route",
                    "depends_on": [
                        "aws_route_table.natdc.*",
                        "aws_vpc_peering_connection.infra"
                    ],
                    "primary": {
                        "id": "r-rtb-bfe0a7d73325263991",
                        "attributes": {
                            "destination_cidr_block": "10.127.69.7/32",
                            "destination_prefix_list_id": "",
                            "egress_only_gateway_id": "",
                            "gateway_id": "",
                            "id": "r-rtb-bfe0a7d73325263991",
                            "instance_id": "",
                            "instance_owner_id": "",
                            "nat_gateway_id": "",
                            "network_interface_id": "",
                            "origin": "CreateRoute",
                            "route_table_id": "rtb-bfe0a7d7",
                            "state": "active",
                            "vpc_peering_connection_id": "pcx-e9b96180"
                        },
                        "meta": {},
                        "tainted": false
                    },
                    "deposed": [],
                    "provider": ""
                },
                "aws_route.bastion_private": {
                    "type": "aws_route",
                    "depends_on": [
                        "aws_route_table.private",
                        "aws_vpc_peering_connection.infra"
                    ],
                    "primary": {
                        "id": "r-rtb-d6a224be3325263991",
                        "attributes": {
                            "destination_cidr_block": "10.127.69.7/32",
                            "destination_prefix_list_id": "",
                            "egress_only_gateway_id": "",
                            "gateway_id": "",
                            "id": "r-rtb-d6a224be3325263991",
                            "instance_id": "",
                            "instance_owner_id": "",
                            "nat_gateway_id": "",
                            "network_interface_id": "",
                            "origin": "CreateRoute",
                            "route_table_id": "rtb-d6a224be",
                            "state": "active",
                            "vpc_peering_connection_id": "pcx-e9b96180"
                        },
                        "meta": {},
                        "tainted": false
                    },
                    "deposed": [],
                    "provider": ""
                },
                "aws_route.bastion_public": {
                    "type": "aws_route",
                    "depends_on": [
                        "aws_route_table.public",
                        "aws_vpc_peering_connection.infra"
                    ],
                    "primary": {
                        "id": "r-rtb-aaa224c23325263991",
                        "attributes": {
                            "destination_cidr_block": "10.127.69.7/32",
                            "destination_prefix_list_id": "",
                            "egress_only_gateway_id": "",
                            "gateway_id": "",
                            "id": "r-rtb-aaa224c23325263991",
                            "instance_id": "",
                            "instance_owner_id": "",
                            "nat_gateway_id": "",
                            "network_interface_id": "",
                            "origin": "CreateRoute",
                            "route_table_id": "rtb-aaa224c2",
                            "state": "active",
                            "vpc_peering_connection_id": "pcx-e9b96180"
                        },
                        "meta": {},
                        "tainted": false
                    },
                    "deposed": [],
                    "provider": ""
                },
                "aws_route.data_reco_release_vpc_natdc.0": {
                    "type": "aws_route",
                    "depends_on": [
                        "aws_route_table.natdc.*",
                        "aws_vpc_peering_connection.data_reco_release"
                    ],
                    "primary": {
                        "id": "r-rtb-9aa224f23859010178",
                        "attributes": {
                            "destination_cidr_block": "10.114.248.0/22",
                            "destination_prefix_list_id": "",
                            "egress_only_gateway_id": "",
                            "gateway_id": "",
                            "id": "r-rtb-9aa224f23859010178",
                            "instance_id": "",
                            "instance_owner_id": "",
                            "nat_gateway_id": "",
                            "network_interface_id": "",
                            "origin": "CreateRoute",
                            "route_table_id": "rtb-9aa224f2",
                            "state": "active",
                            "vpc_peering_connection_id": "pcx-2ba87042"
                        },
                        "meta": {},
                        "tainted": false
                    },
                    "deposed": [],
                    "provider": ""
                },
                "aws_route.data_reco_release_vpc_natdc.1": {
                    "type": "aws_route",
                    "depends_on": [
                        "aws_route_table.natdc.*",
                        "aws_vpc_peering_connection.data_reco_release"
                    ],
                    "primary": {
                        "id": "r-rtb-bfe0a7d73859010178",
                        "attributes": {
                            "destination_cidr_block": "10.114.248.0/22",
                            "destination_prefix_list_id": "",
                            "egress_only_gateway_id": "",
                            "gateway_id": "",
                            "id": "r-rtb-bfe0a7d73859010178",
                            "instance_id": "",
                            "instance_owner_id": "",
                            "nat_gateway_id": "",
                            "network_interface_id": "",
                            "origin": "CreateRoute",
                            "route_table_id": "rtb-bfe0a7d7",
                            "state": "active",
                            "vpc_peering_connection_id": "pcx-2ba87042"
                        },
                        "meta": {},
                        "tainted": false
                    },
                    "deposed": [],
                    "provider": ""
                },
                "aws_route.data_reco_release_vpc_private": {
                    "type": "aws_route",
                    "depends_on": [
                        "aws_route_table.private",
                        "aws_vpc_peering_connection.data_reco_release"
                    ],
                    "primary": {
                        "id": "r-rtb-d6a224be3859010178",
                        "attributes": {
                            "destination_cidr_block": "10.114.248.0/22",
                            "destination_prefix_list_id": "",
                            "egress_only_gateway_id": "",
                            "gateway_id": "",
                            "id": "r-rtb-d6a224be3859010178",
                            "instance_id": "",
                            "instance_owner_id": "",
                            "nat_gateway_id": "",
                            "network_interface_id": "",
                            "origin": "CreateRoute",
                            "route_table_id": "rtb-d6a224be",
                            "state": "active",
                            "vpc_peering_connection_id": "pcx-2ba87042"
                        },
                        "meta": {},
                        "tainted": false
                    },
                    "deposed": [],
                    "provider": ""
                },
                "aws_route.data_reco_release_vpc_public": {
                    "type": "aws_route",
                    "depends_on": [
                        "aws_route_table.public",
                        "aws_vpc_peering_connection.data_reco_release"
                    ],
                    "primary": {
                        "id": "r-rtb-aaa224c23859010178",
                        "attributes": {
                            "destination_cidr_block": "10.114.248.0/22",
                            "destination_prefix_list_id": "",
                            "egress_only_gateway_id": "",
                            "gateway_id": "",
                            "id": "r-rtb-aaa224c23859010178",
                            "instance_id": "",
                            "instance_owner_id": "",
                            "nat_gateway_id": "",
                            "network_interface_id": "",
                            "origin": "CreateRoute",
                            "route_table_id": "rtb-aaa224c2",
                            "state": "active",
                            "vpc_peering_connection_id": "pcx-2ba87042"
                        },
                        "meta": {},
                        "tainted": false
                    },
                    "deposed": [],
                    "provider": ""
                },
                "aws_route.infra_natdc.0": {
                    "type": "aws_route",
                    "depends_on": [
                        "aws_vpc_peering_connection.infra"
                    ],
                    "primary": {
                        "id": "r-rtb-71f573193942723849",
                        "attributes": {
                            "destination_cidr_block": "10.114.104.0/22",
                            "destination_prefix_list_id": "",
                            "egress_only_gateway_id": "",
                            "gateway_id": "",
                            "id": "r-rtb-71f573193942723849",
                            "instance_id": "",
                            "instance_owner_id": "",
                            "nat_gateway_id": "",
                            "network_interface_id": "",
                            "origin": "CreateRoute",
                            "route_table_id": "rtb-71f57319",
                            "state": "active",
                            "vpc_peering_connection_id": "pcx-e9b96180"
                        },
                        "meta": {},
                        "tainted": false
                    },
                    "deposed": [],
                    "provider": ""
                },
                "aws_route.infra_natdc.1": {
                    "type": "aws_route",
                    "depends_on": [
                        "aws_vpc_peering_connection.infra"
                    ],
                    "primary": {
                        "id": "r-rtb-db2661b33942723849",
                        "attributes": {
                            "destination_cidr_block": "10.114.104.0/22",
                            "destination_prefix_list_id": "",
                            "egress_only_gateway_id": "",
                            "gateway_id": "",
                            "id": "r-rtb-db2661b33942723849",
                            "instance_id": "",
                            "instance_owner_id": "",
                            "nat_gateway_id": "",
                            "network_interface_id": "",
                            "origin": "CreateRoute",
                            "route_table_id": "rtb-db2661b3",
                            "state": "active",
                            "vpc_peering_connection_id": "pcx-e9b96180"
                        },
                        "meta": {},
                        "tainted": false
                    },
                    "deposed": [],
                    "provider": ""
                },
                "aws_route.infra_private": {
                    "type": "aws_route",
                    "depends_on": [
                        "aws_vpc_peering_connection.infra"
                    ],
                    "primary": {
                        "id": "r-rtb-fbf472933942723849",
                        "attributes": {
                            "destination_cidr_block": "10.114.104.0/22",
                            "destination_prefix_list_id": "",
                            "egress_only_gateway_id": "",
                            "gateway_id": "",
                            "id": "r-rtb-fbf472933942723849",
                            "instance_id": "",
                            "instance_owner_id": "",
                            "nat_gateway_id": "",
                            "network_interface_id": "",
                            "origin": "CreateRoute",
                            "route_table_id": "rtb-fbf47293",
                            "state": "active",
                            "vpc_peering_connection_id": "pcx-e9b96180"
                        },
                        "meta": {},
                        "tainted": false
                    },
                    "deposed": [],
                    "provider": ""
                },
                "aws_route.infra_public": {
                    "type": "aws_route",
                    "depends_on": [
                        "aws_vpc_peering_connection.infra"
                    ],
                    "primary": {
                        "id": "r-rtb-fef472963942723849",
                        "attributes": {
                            "destination_cidr_block": "10.114.104.0/22",
                            "destination_prefix_list_id": "",
                            "egress_only_gateway_id": "",
                            "gateway_id": "",
                            "id": "r-rtb-fef472963942723849",
                            "instance_id": "",
                            "instance_owner_id": "",
                            "nat_gateway_id": "",
                            "network_interface_id": "",
                            "origin": "CreateRoute",
                            "route_table_id": "rtb-fef47296",
                            "state": "active",
                            "vpc_peering_connection_id": "pcx-e9b96180"
                        },
                        "meta": {},
                        "tainted": false
                    },
                    "deposed": [],
                    "provider": ""
                },
                "aws_route.microservices_jcx_natdc.0": {
                    "type": "aws_route",
                    "depends_on": [
                        "aws_route_table.natdc.*"
                    ],
                    "primary": {
                        "id": "r-rtb-9aa224f22017802059",
                        "attributes": {
                            "destination_cidr_block": "10.126.128.0/20",
                            "destination_prefix_list_id": "",
                            "egress_only_gateway_id": "",
                            "gateway_id": "",
                            "id": "r-rtb-9aa224f22017802059",
                            "instance_id": "",
                            "instance_owner_id": "",
                            "nat_gateway_id": "",
                            "network_interface_id": "",
                            "origin": "CreateRoute",
                            "route_table_id": "rtb-9aa224f2",
                            "state": "active",
                            "vpc_peering_connection_id": "pcx-26b46c4f"
                        },
                        "meta": {},
                        "tainted": false
                    },
                    "deposed": [],
                    "provider": ""
                },
                "aws_route.microservices_jcx_natdc.1": {
                    "type": "aws_route",
                    "depends_on": [
                        "aws_route_table.natdc.*"
                    ],
                    "primary": {
                        "id": "r-rtb-bfe0a7d72017802059",
                        "attributes": {
                            "destination_cidr_block": "10.126.128.0/20",
                            "destination_prefix_list_id": "",
                            "egress_only_gateway_id": "",
                            "gateway_id": "",
                            "id": "r-rtb-bfe0a7d72017802059",
                            "instance_id": "",
                            "instance_owner_id": "",
                            "nat_gateway_id": "",
                            "network_interface_id": "",
                            "origin": "CreateRoute",
                            "route_table_id": "rtb-bfe0a7d7",
                            "state": "active",
                            "vpc_peering_connection_id": "pcx-26b46c4f"
                        },
                        "meta": {},
                        "tainted": false
                    },
                    "deposed": [],
                    "provider": ""
                },
                "aws_route.microservices_jcx_private": {
                    "type": "aws_route",
                    "depends_on": [
                        "aws_route_table.private"
                    ],
                    "primary": {
                        "id": "r-rtb-d6a224be2017802059",
                        "attributes": {
                            "destination_cidr_block": "10.126.128.0/20",
                            "destination_prefix_list_id": "",
                            "egress_only_gateway_id": "",
                            "gateway_id": "",
                            "id": "r-rtb-d6a224be2017802059",
                            "instance_id": "",
                            "instance_owner_id": "",
                            "nat_gateway_id": "",
                            "network_interface_id": "",
                            "origin": "CreateRoute",
                            "route_table_id": "rtb-d6a224be",
                            "state": "active",
                            "vpc_peering_connection_id": "pcx-26b46c4f"
                        },
                        "meta": {},
                        "tainted": false
                    },
                    "deposed": [],
                    "provider": ""
                },
                "aws_route.microservices_jcx_public": {
                    "type": "aws_route",
                    "depends_on": [
                        "aws_route_table.public"
                    ],
                    "primary": {
                        "id": "r-rtb-aaa224c22017802059",
                        "attributes": {
                            "destination_cidr_block": "10.126.128.0/20",
                            "destination_prefix_list_id": "",
                            "egress_only_gateway_id": "",
                            "gateway_id": "",
                            "id": "r-rtb-aaa224c22017802059",
                            "instance_id": "",
                            "instance_owner_id": "",
                            "nat_gateway_id": "",
                            "network_interface_id": "",
                            "origin": "CreateRoute",
                            "route_table_id": "rtb-aaa224c2",
                            "state": "active",
                            "vpc_peering_connection_id": "pcx-26b46c4f"
                        },
                        "meta": {},
                        "tainted": false
                    },
                    "deposed": [],
                    "provider": ""
                },
                "aws_route.microservices_natdc.0": {
                    "type": "aws_route",
                    "depends_on": [
                        "aws_route_table.natdc.*"
                    ],
                    "primary": {
                        "id": "r-rtb-9aa224f24047533110",
                        "attributes": {
                            "destination_cidr_block": "10.114.144.0/20",
                            "destination_prefix_list_id": "",
                            "egress_only_gateway_id": "",
                            "gateway_id": "",
                            "id": "r-rtb-9aa224f24047533110",
                            "instance_id": "",
                            "instance_owner_id": "",
                            "nat_gateway_id": "",
                            "network_interface_id": "",
                            "origin": "CreateRoute",
                            "route_table_id": "rtb-9aa224f2",
                            "state": "active",
                            "vpc_peering_connection_id": "pcx-56b46c3f"
                        },
                        "meta": {},
                        "tainted": false
                    },
                    "deposed": [],
                    "provider": ""
                },
                "aws_route.microservices_natdc.1": {
                    "type": "aws_route",
                    "depends_on": [
                        "aws_route_table.natdc.*"
                    ],
                    "primary": {
                        "id": "r-rtb-bfe0a7d74047533110",
                        "attributes": {
                            "destination_cidr_block": "10.114.144.0/20",
                            "destination_prefix_list_id": "",
                            "egress_only_gateway_id": "",
                            "gateway_id": "",
                            "id": "r-rtb-bfe0a7d74047533110",
                            "instance_id": "",
                            "instance_owner_id": "",
                            "nat_gateway_id": "",
                            "network_interface_id": "",
                            "origin": "CreateRoute",
                            "route_table_id": "rtb-bfe0a7d7",
                            "state": "active",
                            "vpc_peering_connection_id": "pcx-56b46c3f"
                        },
                        "meta": {},
                        "tainted": false
                    },
                    "deposed": [],
                    "provider": ""
                },
                "aws_route.microservices_private": {
                    "type": "aws_route",
                    "depends_on": [
                        "aws_route_table.private"
                    ],
                    "primary": {
                        "id": "r-rtb-d6a224be4047533110",
                        "attributes": {
                            "destination_cidr_block": "10.114.144.0/20",
                            "destination_prefix_list_id": "",
                            "egress_only_gateway_id": "",
                            "gateway_id": "",
                            "id": "r-rtb-d6a224be4047533110",
                            "instance_id": "",
                            "instance_owner_id": "",
                            "nat_gateway_id": "",
                            "network_interface_id": "",
                            "origin": "CreateRoute",
                            "route_table_id": "rtb-d6a224be",
                            "state": "active",
                            "vpc_peering_connection_id": "pcx-56b46c3f"
                        },
                        "meta": {},
                        "tainted": false
                    },
                    "deposed": [],
                    "provider": ""
                },
                "aws_route.microservices_public": {
                    "type": "aws_route",
                    "depends_on": [
                        "aws_route_table.public"
                    ],
                    "primary": {
                        "id": "r-rtb-aaa224c24047533110",
                        "attributes": {
                            "destination_cidr_block": "10.114.144.0/20",
                            "destination_prefix_list_id": "",
                            "egress_only_gateway_id": "",
                            "gateway_id": "",
                            "id": "r-rtb-aaa224c24047533110",
                            "instance_id": "",
                            "instance_owner_id": "",
                            "nat_gateway_id": "",
                            "network_interface_id": "",
                            "origin": "CreateRoute",
                            "route_table_id": "rtb-aaa224c2",
                            "state": "active",
                            "vpc_peering_connection_id": "pcx-56b46c3f"
                        },
                        "meta": {},
                        "tainted": false
                    },
                    "deposed": [],
                    "provider": ""
                },
                "aws_route53_zone_association.route53": {
                    "type": "aws_route53_zone_association",
                    "depends_on": [
                        "aws_vpc.main"
                    ],
                    "primary": {
                        "id": "Z3AIHK7L8DPDVB:vpc-4729f62f",
                        "attributes": {
                            "id": "Z3AIHK7L8DPDVB:vpc-4729f62f",
                            "vpc_id": "vpc-4729f62f",
                            "vpc_region": "eu-central-1",
                            "zone_id": "Z3AIHK7L8DPDVB"
                        },
                        "meta": {},
                        "tainted": false
                    },
                    "deposed": [],
                    "provider": ""
                },
                "aws_route_table.natdc.0": {
                    "type": "aws_route_table",
                    "depends_on": [
                        "aws_nat_gateway.natgw",
                        "aws_vpc.main",
                        "aws_vpn_gateway.vgw"
                    ],
                    "primary": {
                        "id": "rtb-9aa224f2",
                        "attributes": {
                            "id": "rtb-9aa224f2",
                            "propagating_vgws.#": "1",
                            "propagating_vgws.1094324410": "vgw-734dc243",
                            "route.#": "5",
                            "route.1552695721.cidr_block": "0.0.0.0/0",
                            "route.1552695721.egress_only_gateway_id": "",
                            "route.1552695721.gateway_id": "",
                            "route.1552695721.instance_id": "",
                            "route.1552695721.ipv6_cidr_block": "",
                            "route.1552695721.nat_gateway_id": "nat-0a23506924d56ac81",
                            "route.1552695721.network_interface_id": "",
                            "route.1552695721.vpc_peering_connection_id": "",
                            "route.2331778117.cidr_block": "10.126.128.0/20",
                            "route.2331778117.egress_only_gateway_id": "",
                            "route.2331778117.gateway_id": "",
                            "route.2331778117.instance_id": "",
                            "route.2331778117.ipv6_cidr_block": "",
                            "route.2331778117.nat_gateway_id": "",
                            "route.2331778117.network_interface_id": "",
                            "route.2331778117.vpc_peering_connection_id": "pcx-26b46c4f",
                            "route.2670832680.cidr_block": "10.114.144.0/20",
                            "route.2670832680.egress_only_gateway_id": "",
                            "route.2670832680.gateway_id": "",
                            "route.2670832680.instance_id": "",
                            "route.2670832680.ipv6_cidr_block": "",
                            "route.2670832680.nat_gateway_id": "",
                            "route.2670832680.network_interface_id": "",
                            "route.2670832680.vpc_peering_connection_id": "pcx-56b46c3f",
                            "route.3415442717.cidr_block": "10.127.69.7/32",
                            "route.3415442717.egress_only_gateway_id": "",
                            "route.3415442717.gateway_id": "",
                            "route.3415442717.instance_id": "",
                            "route.3415442717.ipv6_cidr_block": "",
                            "route.3415442717.nat_gateway_id": "",
                            "route.3415442717.network_interface_id": "",
                            "route.3415442717.vpc_peering_connection_id": "pcx-e9b96180",
                            "route.4145909972.cidr_block": "10.114.248.0/22",
                            "route.4145909972.egress_only_gateway_id": "",
                            "route.4145909972.gateway_id": "",
                            "route.4145909972.instance_id": "",
                            "route.4145909972.ipv6_cidr_block": "",
                            "route.4145909972.nat_gateway_id": "",
                            "route.4145909972.network_interface_id": "",
                            "route.4145909972.vpc_peering_connection_id": "pcx-2ba87042",
                            "tags.%": "5",
                            "tags.Name": "release-natdc-routetable",
                            "tags.account_name": "jive-data-pipeline",
                            "tags.pipeline_phase": "release",
                            "tags.region": "eu-central-1",
                            "tags.sla": "non-prod",
                            "vpc_id": "vpc-4729f62f"
                        },
                        "meta": {},
                        "tainted": false
                    },
                    "deposed": [],
                    "provider": ""
                },
                "aws_route_table.natdc.1": {
                    "type": "aws_route_table",
                    "depends_on": [
                        "aws_nat_gateway.natgw.*",
                        "aws_vpc.main",
                        "aws_vpn_gateway.vgw"
                    ],
                    "primary": {
                        "id": "rtb-bfe0a7d7",
                        "attributes": {
                            "id": "rtb-bfe0a7d7",
                            "propagating_vgws.#": "1",
                            "propagating_vgws.1094324410": "vgw-734dc243",
                            "route.#": "5",
                            "route.2287996179.cidr_block": "0.0.0.0/0",
                            "route.2287996179.egress_only_gateway_id": "",
                            "route.2287996179.gateway_id": "",
                            "route.2287996179.instance_id": "",
                            "route.2287996179.ipv6_cidr_block": "",
                            "route.2287996179.nat_gateway_id": "nat-0eeefa232267fa54c",
                            "route.2287996179.network_interface_id": "",
                            "route.2287996179.vpc_peering_connection_id": "",
                            "route.2331778117.cidr_block": "10.126.128.0/20",
                            "route.2331778117.egress_only_gateway_id": "",
                            "route.2331778117.gateway_id": "",
                            "route.2331778117.instance_id": "",
                            "route.2331778117.ipv6_cidr_block": "",
                            "route.2331778117.nat_gateway_id": "",
                            "route.2331778117.network_interface_id": "",
                            "route.2331778117.vpc_peering_connection_id": "pcx-26b46c4f",
                            "route.2670832680.cidr_block": "10.114.144.0/20",
                            "route.2670832680.egress_only_gateway_id": "",
                            "route.2670832680.gateway_id": "",
                            "route.2670832680.instance_id": "",
                            "route.2670832680.ipv6_cidr_block": "",
                            "route.2670832680.nat_gateway_id": "",
                            "route.2670832680.network_interface_id": "",
                            "route.2670832680.vpc_peering_connection_id": "pcx-56b46c3f",
                            "route.3415442717.cidr_block": "10.127.69.7/32",
                            "route.3415442717.egress_only_gateway_id": "",
                            "route.3415442717.gateway_id": "",
                            "route.3415442717.instance_id": "",
                            "route.3415442717.ipv6_cidr_block": "",
                            "route.3415442717.nat_gateway_id": "",
                            "route.3415442717.network_interface_id": "",
                            "route.3415442717.vpc_peering_connection_id": "pcx-e9b96180",
                            "route.4145909972.cidr_block": "10.114.248.0/22",
                            "route.4145909972.egress_only_gateway_id": "",
                            "route.4145909972.gateway_id": "",
                            "route.4145909972.instance_id": "",
                            "route.4145909972.ipv6_cidr_block": "",
                            "route.4145909972.nat_gateway_id": "",
                            "route.4145909972.network_interface_id": "",
                            "route.4145909972.vpc_peering_connection_id": "pcx-2ba87042",
                            "tags.%": "5",
                            "tags.Name": "release-natdc-routetable",
                            "tags.account_name": "jive-data-pipeline",
                            "tags.pipeline_phase": "release",
                            "tags.region": "eu-central-1",
                            "tags.sla": "non-prod",
                            "vpc_id": "vpc-4729f62f"
                        },
                        "meta": {},
                        "tainted": false
                    },
                    "deposed": [],
                    "provider": ""
                },
                "aws_route_table.private": {
                    "type": "aws_route_table",
                    "depends_on": [
                        "aws_vpc.main"
                    ],
                    "primary": {
                        "id": "rtb-d6a224be",
                        "attributes": {
                            "id": "rtb-d6a224be",
                            "propagating_vgws.#": "0",
                            "route.#": "4",
                            "route.2331778117.cidr_block": "10.126.128.0/20",
                            "route.2331778117.egress_only_gateway_id": "",
                            "route.2331778117.gateway_id": "",
                            "route.2331778117.instance_id": "",
                            "route.2331778117.ipv6_cidr_block": "",
                            "route.2331778117.nat_gateway_id": "",
                            "route.2331778117.network_interface_id": "",
                            "route.2331778117.vpc_peering_connection_id": "pcx-26b46c4f",
                            "route.2670832680.cidr_block": "10.114.144.0/20",
                            "route.2670832680.egress_only_gateway_id": "",
                            "route.2670832680.gateway_id": "",
                            "route.2670832680.instance_id": "",
                            "route.2670832680.ipv6_cidr_block": "",
                            "route.2670832680.nat_gateway_id": "",
                            "route.2670832680.network_interface_id": "",
                            "route.2670832680.vpc_peering_connection_id": "pcx-56b46c3f",
                            "route.3415442717.cidr_block": "10.127.69.7/32",
                            "route.3415442717.egress_only_gateway_id": "",
                            "route.3415442717.gateway_id": "",
                            "route.3415442717.instance_id": "",
                            "route.3415442717.ipv6_cidr_block": "",
                            "route.3415442717.nat_gateway_id": "",
                            "route.3415442717.network_interface_id": "",
                            "route.3415442717.vpc_peering_connection_id": "pcx-e9b96180",
                            "route.4145909972.cidr_block": "10.114.248.0/22",
                            "route.4145909972.egress_only_gateway_id": "",
                            "route.4145909972.gateway_id": "",
                            "route.4145909972.instance_id": "",
                            "route.4145909972.ipv6_cidr_block": "",
                            "route.4145909972.nat_gateway_id": "",
                            "route.4145909972.network_interface_id": "",
                            "route.4145909972.vpc_peering_connection_id": "pcx-2ba87042",
                            "tags.%": "5",
                            "tags.Name": "release-private-routetable",
                            "tags.account_name": "jive-data-pipeline",
                            "tags.pipeline_phase": "release",
                            "tags.region": "eu-central-1",
                            "tags.sla": "non-prod",
                            "vpc_id": "vpc-4729f62f"
                        },
                        "meta": {},
                        "tainted": false
                    },
                    "deposed": [],
                    "provider": ""
                },
                "aws_route_table.public": {
                    "type": "aws_route_table",
                    "depends_on": [
                        "aws_internet_gateway.igw",
                        "aws_vpc.main"
                    ],
                    "primary": {
                        "id": "rtb-aaa224c2",
                        "attributes": {
                            "id": "rtb-aaa224c2",
                            "propagating_vgws.#": "0",
                            "route.#": "5",
                            "route.2331778117.cidr_block": "10.126.128.0/20",
                            "route.2331778117.egress_only_gateway_id": "",
                            "route.2331778117.gateway_id": "",
                            "route.2331778117.instance_id": "",
                            "route.2331778117.ipv6_cidr_block": "",
                            "route.2331778117.nat_gateway_id": "",
                            "route.2331778117.network_interface_id": "",
                            "route.2331778117.vpc_peering_connection_id": "pcx-26b46c4f",
                            "route.2670832680.cidr_block": "10.114.144.0/20",
                            "route.2670832680.egress_only_gateway_id": "",
                            "route.2670832680.gateway_id": "",
                            "route.2670832680.instance_id": "",
                            "route.2670832680.ipv6_cidr_block": "",
                            "route.2670832680.nat_gateway_id": "",
                            "route.2670832680.network_interface_id": "",
                            "route.2670832680.vpc_peering_connection_id": "pcx-56b46c3f",
                            "route.3256501921.cidr_block": "0.0.0.0/0",
                            "route.3256501921.egress_only_gateway_id": "",
                            "route.3256501921.gateway_id": "igw-b20027db",
                            "route.3256501921.instance_id": "",
                            "route.3256501921.ipv6_cidr_block": "",
                            "route.3256501921.nat_gateway_id": "",
                            "route.3256501921.network_interface_id": "",
                            "route.3256501921.vpc_peering_connection_id": "",
                            "route.3415442717.cidr_block": "10.127.69.7/32",
                            "route.3415442717.egress_only_gateway_id": "",
                            "route.3415442717.gateway_id": "",
                            "route.3415442717.instance_id": "",
                            "route.3415442717.ipv6_cidr_block": "",
                            "route.3415442717.nat_gateway_id": "",
                            "route.3415442717.network_interface_id": "",
                            "route.3415442717.vpc_peering_connection_id": "pcx-e9b96180",
                            "route.4145909972.cidr_block": "10.114.248.0/22",
                            "route.4145909972.egress_only_gateway_id": "",
                            "route.4145909972.gateway_id": "",
                            "route.4145909972.instance_id": "",
                            "route.4145909972.ipv6_cidr_block": "",
                            "route.4145909972.nat_gateway_id": "",
                            "route.4145909972.network_interface_id": "",
                            "route.4145909972.vpc_peering_connection_id": "pcx-2ba87042",
                            "tags.%": "6",
                            "tags.KubernetesCluster": "eu-central-1_jive-data-pipeline",
                            "tags.Name": "release-public-routetable",
                            "tags.account_name": "jive-data-pipeline",
                            "tags.pipeline_phase": "release",
                            "tags.region": "eu-central-1",
                            "tags.sla": "non-prod",
                            "vpc_id": "vpc-4729f62f"
                        },
                        "meta": {},
                        "tainted": false
                    },
                    "deposed": [],
                    "provider": ""
                },
                "aws_route_table_association.natdc.0": {
                    "type": "aws_route_table_association",
                    "depends_on": [
                        "aws_route_table.natdc.*",
                        "aws_subnet.natdc.*"
                    ],
                    "primary": {
                        "id": "rtbassoc-e0f80b8b",
                        "attributes": {
                            "id": "rtbassoc-e0f80b8b",
                            "route_table_id": "rtb-9aa224f2",
                            "subnet_id": "subnet-5bdc4333"
                        },
                        "meta": {},
                        "tainted": false
                    },
                    "deposed": [],
                    "provider": ""
                },
                "aws_route_table_association.natdc.1": {
                    "type": "aws_route_table_association",
                    "depends_on": [
                        "aws_route_table.natdc.*",
                        "aws_subnet.natdc.*"
                    ],
                    "primary": {
                        "id": "rtbassoc-cafe0da1",
                        "attributes": {
                            "id": "rtbassoc-cafe0da1",
                            "route_table_id": "rtb-bfe0a7d7",
                            "subnet_id": "subnet-652e8f1f"
                        },
                        "meta": {},
                        "tainted": false
                    },
                    "deposed": [],
                    "provider": ""
                },
                "aws_route_table_association.private.0": {
                    "type": "aws_route_table_association",
                    "depends_on": [
                        "aws_route_table.private",
                        "aws_subnet.private"
                    ],
                    "primary": {
                        "id": "rtbassoc-a09ebdc8",
                        "attributes": {
                            "id": "rtbassoc-a09ebdc8",
                            "route_table_id": "rtb-d6a224be",
                            "subnet_id": "subnet-46dc432e"
                        },
                        "meta": {},
                        "tainted": false
                    },
                    "deposed": [],
                    "provider": ""
                },
                "aws_route_table_association.private.1": {
                    "type": "aws_route_table_association",
                    "depends_on": [
                        "aws_route_table.private",
                        "aws_subnet.private"
                    ],
                    "primary": {
                        "id": "rtbassoc-af9ebdc7",
                        "attributes": {
                            "id": "rtbassoc-af9ebdc7",
                            "route_table_id": "rtb-d6a224be",
                            "subnet_id": "subnet-582e8f22"
                        },
                        "meta": {},
                        "tainted": false
                    },
                    "deposed": [],
                    "provider": ""
                },
                "aws_route_table_association.public.0": {
                    "type": "aws_route_table_association",
                    "depends_on": [
                        "aws_route_table.public",
                        "aws_subnet.public"
                    ],
                    "primary": {
                        "id": "rtbassoc-a19ebdc9",
                        "attributes": {
                            "id": "rtbassoc-a19ebdc9",
                            "route_table_id": "rtb-aaa224c2",
                            "subnet_id": "subnet-5adc4332"
                        },
                        "meta": {},
                        "tainted": false
                    },
                    "deposed": [],
                    "provider": ""
                },
                "aws_route_table_association.public.1": {
                    "type": "aws_route_table_association",
                    "depends_on": [
                        "aws_route_table.public",
                        "aws_subnet.public"
                    ],
                    "primary": {
                        "id": "rtbassoc-a29ebdca",
                        "attributes": {
                            "id": "rtbassoc-a29ebdca",
                            "route_table_id": "rtb-aaa224c2",
                            "subnet_id": "subnet-642e8f1e"
                        },
                        "meta": {},
                        "tainted": false
                    },
                    "deposed": [],
                    "provider": ""
                },
                "aws_security_group.admin_instance": {
                    "type": "aws_security_group",
                    "depends_on": [
                        "aws_vpc.main"
                    ],
                    "primary": {
                        "id": "sg-7466701c",
                        "attributes": {
                            "description": "Admin instances for the VPC",
                            "egress.#": "0",
                            "id": "sg-7466701c",
                            "ingress.#": "0",
                            "name": "release-admin-instance",
                            "owner_id": "999547976641",
                            "tags.%": "5",
                            "tags.Name": "release-admin-instance",
                            "tags.account_name": "jive-data-pipeline",
                            "tags.pipeline_phase": "release",
                            "tags.region": "eu-central-1",
                            "tags.sla": "non-prod",
                            "vpc_id": "vpc-4729f62f"
                        },
                        "meta": {},
                        "tainted": false
                    },
                    "deposed": [],
                    "provider": ""
                },
                "aws_security_group.env_instance": {
                    "type": "aws_security_group",
                    "depends_on": [
                        "aws_vpc.main",
                        "data.aws_security_group.bastion"
                    ],
                    "primary": {
                        "id": "sg-4b667023",
                        "attributes": {
                            "description": "All instances within the evironment",
                            "egress.#": "1",
                            "egress.482069346.cidr_blocks.#": "1",
                            "egress.482069346.cidr_blocks.0": "0.0.0.0/0",
                            "egress.482069346.from_port": "0",
                            "egress.482069346.ipv6_cidr_blocks.#": "0",
                            "egress.482069346.prefix_list_ids.#": "0",
                            "egress.482069346.protocol": "-1",
                            "egress.482069346.security_groups.#": "0",
                            "egress.482069346.self": "false",
                            "egress.482069346.to_port": "0",
                            "id": "sg-4b667023",
                            "ingress.#": "2",
                            "ingress.2049095445.cidr_blocks.#": "0",
                            "ingress.2049095445.from_port": "22",
                            "ingress.2049095445.ipv6_cidr_blocks.#": "0",
                            "ingress.2049095445.protocol": "tcp",
                            "ingress.2049095445.security_groups.#": "1",
                            "ingress.2049095445.security_groups.473314682": "sg-dfb3a4b7",
                            "ingress.2049095445.self": "false",
                            "ingress.2049095445.to_port": "22",
                            "ingress.3344328886.cidr_blocks.#": "0",
                            "ingress.3344328886.from_port": "8",
                            "ingress.3344328886.ipv6_cidr_blocks.#": "0",
                            "ingress.3344328886.protocol": "icmp",
                            "ingress.3344328886.security_groups.#": "1",
                            "ingress.3344328886.security_groups.473314682": "sg-dfb3a4b7",
                            "ingress.3344328886.self": "false",
                            "ingress.3344328886.to_port": "0",
                            "name": "release-instance",
                            "owner_id": "999547976641",
                            "tags.%": "5",
                            "tags.Name": "release-instance",
                            "tags.account_name": "jive-data-pipeline",
                            "tags.pipeline_phase": "release",
                            "tags.region": "eu-central-1",
                            "tags.sla": "non-prod",
                            "vpc_id": "vpc-4729f62f"
                        },
                        "meta": {},
                        "tainted": false
                    },
                    "deposed": [],
                    "provider": ""
                },
                "aws_security_group.natgw_instance": {
                    "type": "aws_security_group",
                    "depends_on": [
                        "aws_security_group.env_instance",
                        "aws_vpc.main"
                    ],
                    "primary": {
                        "id": "sg-4666702e",
                        "attributes": {
                            "description": "Members of this SG are allowed to send any type of traffic to the NAT Box.",
                            "egress.#": "0",
                            "id": "sg-4666702e",
                            "ingress.#": "1",
                            "ingress.2027378880.cidr_blocks.#": "0",
                            "ingress.2027378880.from_port": "0",
                            "ingress.2027378880.ipv6_cidr_blocks.#": "0",
                            "ingress.2027378880.protocol": "-1",
                            "ingress.2027378880.security_groups.#": "1",
                            "ingress.2027378880.security_groups.3055109841": "sg-4b667023",
                            "ingress.2027378880.self": "false",
                            "ingress.2027378880.to_port": "0",
                            "name": "release-natgw-instance",
                            "owner_id": "999547976641",
                            "tags.%": "5",
                            "tags.Name": "release-natgw-instance",
                            "tags.account_name": "jive-data-pipeline",
                            "tags.pipeline_phase": "release",
                            "tags.region": "eu-central-1",
                            "tags.sla": "non-prod",
                            "vpc_id": "vpc-4729f62f"
                        },
                        "meta": {},
                        "tainted": false
                    },
                    "deposed": [],
                    "provider": ""
                },
                "aws_subnet.natdc.0": {
                    "type": "aws_subnet",
                    "depends_on": [
                        "aws_vpc.main"
                    ],
                    "primary": {
                        "id": "subnet-5bdc4333",
                        "attributes": {
                            "assign_ipv6_address_on_creation": "false",
                            "availability_zone": "eu-central-1a",
                            "cidr_block": "10.114.104.0/24",
                            "id": "subnet-5bdc4333",
                            "map_public_ip_on_launch": "false",
                            "tags.%": "7",
                            "tags.KubernetesCluster": "eu-central-1_jive-data-pipeline",
                            "tags.Name": "release-natdc-subnet",
                            "tags.account_name": "jive-data-pipeline",
                            "tags.kubernetes.io/role/internal-elb": "eu-central-1_jive-data-pipeline",
                            "tags.pipeline_phase": "release",
                            "tags.region": "eu-central-1",
                            "tags.sla": "non-prod",
                            "vpc_id": "vpc-4729f62f"
                        },
                        "meta": {},
                        "tainted": false
                    },
                    "deposed": [],
                    "provider": ""
                },
                "aws_subnet.natdc.1": {
                    "type": "aws_subnet",
                    "depends_on": [
                        "aws_vpc.main"
                    ],
                    "primary": {
                        "id": "subnet-652e8f1f",
                        "attributes": {
                            "assign_ipv6_address_on_creation": "false",
                            "availability_zone": "eu-central-1b",
                            "cidr_block": "10.114.105.0/24",
                            "id": "subnet-652e8f1f",
                            "map_public_ip_on_launch": "false",
                            "tags.%": "7",
                            "tags.KubernetesCluster": "eu-central-1_jive-data-pipeline",
                            "tags.Name": "release-natdc-subnet",
                            "tags.account_name": "jive-data-pipeline",
                            "tags.kubernetes.io/role/internal-elb": "eu-central-1_jive-data-pipeline",
                            "tags.pipeline_phase": "release",
                            "tags.region": "eu-central-1",
                            "tags.sla": "non-prod",
                            "vpc_id": "vpc-4729f62f"
                        },
                        "meta": {},
                        "tainted": false
                    },
                    "deposed": [],
                    "provider": ""
                },
                "aws_subnet.private.0": {
                    "type": "aws_subnet",
                    "depends_on": [
                        "aws_vpc.main"
                    ],
                    "primary": {
                        "id": "subnet-46dc432e",
                        "attributes": {
                            "assign_ipv6_address_on_creation": "false",
                            "availability_zone": "eu-central-1a",
                            "cidr_block": "10.114.107.96/27",
                            "id": "subnet-46dc432e",
                            "map_public_ip_on_launch": "false",
                            "tags.%": "5",
                            "tags.Name": "release-private-subnet",
                            "tags.account_name": "jive-data-pipeline",
                            "tags.pipeline_phase": "release",
                            "tags.region": "eu-central-1",
                            "tags.sla": "non-prod",
                            "vpc_id": "vpc-4729f62f"
                        },
                        "meta": {},
                        "tainted": false
                    },
                    "deposed": [],
                    "provider": ""
                },
                "aws_subnet.private.1": {
                    "type": "aws_subnet",
                    "depends_on": [
                        "aws_vpc.main"
                    ],
                    "primary": {
                        "id": "subnet-582e8f22",
                        "attributes": {
                            "assign_ipv6_address_on_creation": "false",
                            "availability_zone": "eu-central-1b",
                            "cidr_block": "10.114.107.128/27",
                            "id": "subnet-582e8f22",
                            "map_public_ip_on_launch": "false",
                            "tags.%": "5",
                            "tags.Name": "release-private-subnet",
                            "tags.account_name": "jive-data-pipeline",
                            "tags.pipeline_phase": "release",
                            "tags.region": "eu-central-1",
                            "tags.sla": "non-prod",
                            "vpc_id": "vpc-4729f62f"
                        },
                        "meta": {},
                        "tainted": false
                    },
                    "deposed": [],
                    "provider": ""
                },
                "aws_subnet.public.0": {
                    "type": "aws_subnet",
                    "depends_on": [
                        "aws_vpc.main"
                    ],
                    "primary": {
                        "id": "subnet-5adc4332",
                        "attributes": {
                            "assign_ipv6_address_on_creation": "false",
                            "availability_zone": "eu-central-1a",
                            "cidr_block": "10.114.107.0/27",
                            "id": "subnet-5adc4332",
                            "map_public_ip_on_launch": "false",
                            "tags.%": "6",
                            "tags.KubernetesCluster": "eu-central-1_jive-data-pipeline",
                            "tags.Name": "release-public-subnet",
                            "tags.account_name": "jive-data-pipeline",
                            "tags.pipeline_phase": "release",
                            "tags.region": "eu-central-1",
                            "tags.sla": "non-prod",
                            "vpc_id": "vpc-4729f62f"
                        },
                        "meta": {},
                        "tainted": false
                    },
                    "deposed": [],
                    "provider": ""
                },
                "aws_subnet.public.1": {
                    "type": "aws_subnet",
                    "depends_on": [
                        "aws_vpc.main"
                    ],
                    "primary": {
                        "id": "subnet-642e8f1e",
                        "attributes": {
                            "assign_ipv6_address_on_creation": "false",
                            "availability_zone": "eu-central-1b",
                            "cidr_block": "10.114.107.32/27",
                            "id": "subnet-642e8f1e",
                            "map_public_ip_on_launch": "false",
                            "tags.%": "6",
                            "tags.KubernetesCluster": "eu-central-1_jive-data-pipeline",
                            "tags.Name": "release-public-subnet",
                            "tags.account_name": "jive-data-pipeline",
                            "tags.pipeline_phase": "release",
                            "tags.region": "eu-central-1",
                            "tags.sla": "non-prod",
                            "vpc_id": "vpc-4729f62f"
                        },
                        "meta": {},
                        "tainted": false
                    },
                    "deposed": [],
                    "provider": ""
                },
                "aws_vpc.main": {
                    "type": "aws_vpc",
                    "depends_on": [],
                    "primary": {
                        "id": "vpc-4729f62f",
                        "attributes": {
                            "assign_generated_ipv6_cidr_block": "false",
                            "cidr_block": "10.114.104.0/22",
                            "default_network_acl_id": "acl-0e78c166",
                            "default_route_table_id": "rtb-d2a224ba",
                            "default_security_group_id": "sg-7b667013",
                            "dhcp_options_id": "dopt-498b0e20",
                            "enable_dns_hostnames": "true",
                            "enable_dns_support": "true",
                            "id": "vpc-4729f62f",
                            "instance_tenancy": "default",
                            "main_route_table_id": "rtb-d2a224ba",
                            "tags.%": "5",
                            "tags.Name": "release-vpc",
                            "tags.account_name": "jive-data-pipeline",
                            "tags.pipeline_phase": "release",
                            "tags.region": "eu-central-1",
                            "tags.sla": "non-prod"
                        },
                        "meta": {
                            "schema_version": "1"
                        },
                        "tainted": false
                    },
                    "deposed": [],
                    "provider": ""
                },
                "aws_vpc_peering_connection.data_reco_release": {
                    "type": "aws_vpc_peering_connection",
                    "depends_on": [
                        "aws_vpc.main"
                    ],
                    "primary": {
                        "id": "pcx-2ba87042",
                        "attributes": {
                            "accept_status": "active",
                            "accepter.#": "0",
                            "id": "pcx-2ba87042",
                            "peer_owner_id": "642745549043",
                            "peer_vpc_id": "vpc-104f9278",
                            "requester.#": "1",
                            "requester.3244290774.allow_classic_link_to_remote_vpc": "false",
                            "requester.3244290774.allow_remote_vpc_dns_resolution": "false",
                            "requester.3244290774.allow_vpc_to_remote_classic_link": "false",
                            "tags.%": "5",
                            "tags.Name": "release_to_reco_account_release",
                            "tags.account_name": "jive-data-pipeline",
                            "tags.pipeline_phase": "release",
                            "tags.region": "eu-central-1",
                            "tags.sla": "non-prod",
                            "vpc_id": "vpc-4729f62f"
                        },
                        "meta": {},
                        "tainted": false
                    },
                    "deposed": [],
                    "provider": ""
                },
                "aws_vpc_peering_connection.infra": {
                    "type": "aws_vpc_peering_connection",
                    "depends_on": [
                        "aws_vpc.main"
                    ],
                    "primary": {
                        "id": "pcx-e9b96180",
                        "attributes": {
                            "accept_status": "active",
                            "accepter.#": "1",
                            "accepter.3244290774.allow_classic_link_to_remote_vpc": "false",
                            "accepter.3244290774.allow_remote_vpc_dns_resolution": "false",
                            "accepter.3244290774.allow_vpc_to_remote_classic_link": "false",
                            "auto_accept": "true",
                            "id": "pcx-e9b96180",
                            "peer_owner_id": "999547976641",
                            "peer_vpc_id": "vpc-2013cc48",
                            "requester.#": "1",
                            "requester.3244290774.allow_classic_link_to_remote_vpc": "false",
                            "requester.3244290774.allow_remote_vpc_dns_resolution": "false",
                            "requester.3244290774.allow_vpc_to_remote_classic_link": "false",
                            "tags.%": "5",
                            "tags.Name": "release_to_infra-jive-data-pipeline",
                            "tags.account_name": "jive-data-pipeline",
                            "tags.pipeline_phase": "release",
                            "tags.region": "eu-central-1",
                            "tags.sla": "non-prod",
                            "vpc_id": "vpc-4729f62f"
                        },
                        "meta": {},
                        "tainted": false
                    },
                    "deposed": [],
                    "provider": ""
                },
                "aws_vpn_connection.main": {
                    "type": "aws_vpn_connection",
                    "depends_on": [
                        "aws_vpn_gateway.vgw"
                    ],
                    "primary": {
                        "id": "vpn-12d4337b",
                        "attributes": {
                            "customer_gateway_configuration": "\u003c?xml version=\"1.0\" encoding=\"UTF-8\"?\u003e\n\u003cvpn_connection id=\"vpn-12d4337b\"\u003e\n  \u003ccustomer_gateway_id\u003ecgw-eaf876da\u003c/customer_gateway_id\u003e\n  \u003cvpn_gateway_id\u003evgw-734dc243\u003c/vpn_gateway_id\u003e\n  \u003cvpn_connection_type\u003eipsec.1\u003c/vpn_connection_type\u003e\n  \u003cipsec_tunnel\u003e\n    \u003ccustomer_gateway\u003e\n      \u003ctunnel_outside_address\u003e\n        \u003cip_address\u003e204.93.80.68\u003c/ip_address\u003e\n      \u003c/tunnel_outside_address\u003e\n      \u003ctunnel_inside_address\u003e\n        \u003cip_address\u003e169.254.41.26\u003c/ip_address\u003e\n        \u003cnetwork_mask\u003e255.255.255.252\u003c/network_mask\u003e\n        \u003cnetwork_cidr\u003e30\u003c/network_cidr\u003e\n      \u003c/tunnel_inside_address\u003e\n      \u003cbgp\u003e\n        \u003casn\u003e13364\u003c/asn\u003e\n        \u003chold_time\u003e30\u003c/hold_time\u003e\n      \u003c/bgp\u003e\n    \u003c/customer_gateway\u003e\n    \u003cvpn_gateway\u003e\n      \u003ctunnel_outside_address\u003e\n        \u003cip_address\u003e35.156.162.155\u003c/ip_address\u003e\n      \u003c/tunnel_outside_address\u003e\n      \u003ctunnel_inside_address\u003e\n        \u003cip_address\u003e169.254.41.25\u003c/ip_address\u003e\n        \u003cnetwork_mask\u003e255.255.255.252\u003c/network_mask\u003e\n        \u003cnetwork_cidr\u003e30\u003c/network_cidr\u003e\n      \u003c/tunnel_inside_address\u003e\n      \u003cbgp\u003e\n        \u003casn\u003e7224\u003c/asn\u003e\n        \u003chold_time\u003e30\u003c/hold_time\u003e\n      \u003c/bgp\u003e\n    \u003c/vpn_gateway\u003e\n    \u003cike\u003e\n      \u003cauthentication_protocol\u003esha1\u003c/authentication_protocol\u003e\n      \u003cencryption_protocol\u003eaes-128-cbc\u003c/encryption_protocol\u003e\n      \u003clifetime\u003e28800\u003c/lifetime\u003e\n      \u003cperfect_forward_secrecy\u003egroup2\u003c/perfect_forward_secrecy\u003e\n      \u003cmode\u003emain\u003c/mode\u003e\n      \u003cpre_shared_key\u003e415oU8t80BZcBILjdYeJcij1vtI9TZv6\u003c/pre_shared_key\u003e\n    \u003c/ike\u003e\n    \u003cipsec\u003e\n      \u003cprotocol\u003eesp\u003c/protocol\u003e\n      \u003cauthentication_protocol\u003ehmac-sha1-96\u003c/authentication_protocol\u003e\n      \u003cencryption_protocol\u003eaes-128-cbc\u003c/encryption_protocol\u003e\n      \u003clifetime\u003e3600\u003c/lifetime\u003e\n      \u003cperfect_forward_secrecy\u003egroup2\u003c/perfect_forward_secrecy\u003e\n      \u003cmode\u003etunnel\u003c/mode\u003e\n      \u003cclear_df_bit\u003etrue\u003c/clear_df_bit\u003e\n      \u003cfragmentation_before_encryption\u003etrue\u003c/fragmentation_before_encryption\u003e\n      \u003ctcp_mss_adjustment\u003e1379\u003c/tcp_mss_adjustment\u003e\n      \u003cdead_peer_detection\u003e\n        \u003cinterval\u003e10\u003c/interval\u003e\n        \u003cretries\u003e3\u003c/retries\u003e\n      \u003c/dead_peer_detection\u003e\n    \u003c/ipsec\u003e\n  \u003c/ipsec_tunnel\u003e\n  \u003cipsec_tunnel\u003e\n    \u003ccustomer_gateway\u003e\n      \u003ctunnel_outside_address\u003e\n        \u003cip_address\u003e204.93.80.68\u003c/ip_address\u003e\n      \u003c/tunnel_outside_address\u003e\n      \u003ctunnel_inside_address\u003e\n        \u003cip_address\u003e169.254.42.162\u003c/ip_address\u003e\n        \u003cnetwork_mask\u003e255.255.255.252\u003c/network_mask\u003e\n        \u003cnetwork_cidr\u003e30\u003c/network_cidr\u003e\n      \u003c/tunnel_inside_address\u003e\n      \u003cbgp\u003e\n        \u003casn\u003e13364\u003c/asn\u003e\n        \u003chold_time\u003e30\u003c/hold_time\u003e\n      \u003c/bgp\u003e\n    \u003c/customer_gateway\u003e\n    \u003cvpn_gateway\u003e\n      \u003ctunnel_outside_address\u003e\n        \u003cip_address\u003e52.59.80.34\u003c/ip_address\u003e\n      \u003c/tunnel_outside_address\u003e\n      \u003ctunnel_inside_address\u003e\n        \u003cip_address\u003e169.254.42.161\u003c/ip_address\u003e\n        \u003cnetwork_mask\u003e255.255.255.252\u003c/network_mask\u003e\n        \u003cnetwork_cidr\u003e30\u003c/network_cidr\u003e\n      \u003c/tunnel_inside_address\u003e\n      \u003cbgp\u003e\n        \u003casn\u003e7224\u003c/asn\u003e\n        \u003chold_time\u003e30\u003c/hold_time\u003e\n      \u003c/bgp\u003e\n    \u003c/vpn_gateway\u003e\n    \u003cike\u003e\n      \u003cauthentication_protocol\u003esha1\u003c/authentication_protocol\u003e\n      \u003cencryption_protocol\u003eaes-128-cbc\u003c/encryption_protocol\u003e\n      \u003clifetime\u003e28800\u003c/lifetime\u003e\n      \u003cperfect_forward_secrecy\u003egroup2\u003c/perfect_forward_secrecy\u003e\n      \u003cmode\u003emain\u003c/mode\u003e\n      \u003cpre_shared_key\u003ei8BRJzWhtuou_indz65v_lOBmzGKr9i_\u003c/pre_shared_key\u003e\n    \u003c/ike\u003e\n    \u003cipsec\u003e\n      \u003cprotocol\u003eesp\u003c/protocol\u003e\n      \u003cauthentication_protocol\u003ehmac-sha1-96\u003c/authentication_protocol\u003e\n      \u003cencryption_protocol\u003eaes-128-cbc\u003c/encryption_protocol\u003e\n      \u003clifetime\u003e3600\u003c/lifetime\u003e\n      \u003cperfect_forward_secrecy\u003egroup2\u003c/perfect_forward_secrecy\u003e\n      \u003cmode\u003etunnel\u003c/mode\u003e\n      \u003cclear_df_bit\u003etrue\u003c/clear_df_bit\u003e\n      \u003cfragmentation_before_encryption\u003etrue\u003c/fragmentation_before_encryption\u003e\n      \u003ctcp_mss_adjustment\u003e1379\u003c/tcp_mss_adjustment\u003e\n      \u003cdead_peer_detection\u003e\n        \u003cinterval\u003e10\u003c/interval\u003e\n        \u003cretries\u003e3\u003c/retries\u003e\n      \u003c/dead_peer_detection\u003e\n    \u003c/ipsec\u003e\n  \u003c/ipsec_tunnel\u003e\n\u003c/vpn_connection\u003e\n",
                            "customer_gateway_id": "cgw-eaf876da",
                            "id": "vpn-12d4337b",
                            "routes.#": "0",
                            "static_routes_only": "false",
                            "tags.%": "5",
                            "tags.Name": "release-jive-vpn",
                            "tags.account_name": "jive-data-pipeline",
                            "tags.pipeline_phase": "release",
                            "tags.region": "eu-central-1",
                            "tags.sla": "non-prod",
                            "tunnel1_address": "35.156.162.155",
                            "tunnel1_preshared_key": "415oU8t80BZcBILjdYeJcij1vtI9TZv6",
                            "tunnel2_address": "52.59.80.34",
                            "tunnel2_preshared_key": "i8BRJzWhtuou_indz65v_lOBmzGKr9i_",
                            "type": "ipsec.1",
                            "vgw_telemetry.#": "2",
                            "vgw_telemetry.1716967631.accepted_route_count": "7",
                            "vgw_telemetry.1716967631.last_status_change": "2017-05-30 23:42:39 +0000 UTC",
                            "vgw_telemetry.1716967631.outside_ip_address": "52.59.80.34",
                            "vgw_telemetry.1716967631.status": "UP",
                            "vgw_telemetry.1716967631.status_message": "7 BGP ROUTES",
                            "vgw_telemetry.2915385756.accepted_route_count": "7",
                            "vgw_telemetry.2915385756.last_status_change": "2017-05-11 22:15:42 +0000 UTC",
                            "vgw_telemetry.2915385756.outside_ip_address": "35.156.162.155",
                            "vgw_telemetry.2915385756.status": "UP",
                            "vgw_telemetry.2915385756.status_message": "7 BGP ROUTES",
                            "vpn_gateway_id": "vgw-734dc243"
                        },
                        "meta": {},
                        "tainted": false
                    },
                    "deposed": [],
                    "provider": ""
                },
                "aws_vpn_gateway.vgw": {
                    "type": "aws_vpn_gateway",
                    "depends_on": [
                        "aws_vpc.main"
                    ],
                    "primary": {
                        "id": "vgw-734dc243",
                        "attributes": {
                            "id": "vgw-734dc243",
                            "tags.%": "7",
                            "tags.Name": "release-vgw",
                            "tags.account_name": "jive-data-pipeline",
                            "tags.jive_service": "infrastructure",
                            "tags.pipeline_phase": "release",
                            "tags.region": "eu-central-1",
                            "tags.service_component": "vpn_gateway",
                            "tags.sla": "non-prod",
                            "vpc_id": "vpc-4729f62f"
                        },
                        "meta": {},
                        "tainted": false
                    },
                    "deposed": [],
                    "provider": ""
                },
                "data.aws_security_group.bastion": {
                    "type": "aws_security_group",
                    "depends_on": [],
                    "primary": {
                        "id": "sg-dfb3a4b7",
                        "attributes": {
                            "filter.#": "1",
                            "filter.1988431066.name": "tag:jive_service",
                            "filter.1988431066.values.#": "1",
                            "filter.1988431066.values.2480389212": "infrastructure",
                            "id": "sg-dfb3a4b7",
                            "name": "infra-pipeline-jive-phx-dc",
                            "tags.%": "6",
                            "tags.Name": "infra-pipeline-jive-phx-dc",
                            "tags.account_name": "jive-data-pipeline",
                            "tags.jive_service": "infrastructure",
                            "tags.pipeline_phase": "infra-pipeline",
                            "tags.region": "eu-central-1",
                            "tags.sla": "non-prod",
                            "vpc_id": "vpc-2013cc48"
                        },
                        "meta": {},
                        "tainted": false
                    },
                    "deposed": [],
                    "provider": ""
                }
            },
            "depends_on": []
        }
    ]
}
