{
    "version": 3,
    "terraform_version": "0.9.2",
    "serial": 10,
    "lineage": "908d6642-713f-48a9-83ab-989d391c4e49",
    "modules": [
        {
            "path": [
                "root"
            ],
            "outputs": {},
            "resources": {
                "aws_s3_bucket.molecule": {
                    "type": "aws_s3_bucket",
                    "depends_on": [],
                    "primary": {
                        "id": "boomi-prod-molecule",
                        "attributes": {
                            "acceleration_status": "",
                            "acl": "authenticated-read",
                            "arn": "arn:aws:s3:::boomi-prod-molecule",
                            "bucket": "boomi-prod-molecule",
                            "bucket_domain_name": "boomi-prod-molecule.s3.amazonaws.com",
                            "force_destroy": "false",
                            "hosted_zone_id": "Z3BJ6K6RIION7M",
                            "id": "boomi-prod-molecule",
                            "policy": "",
                            "region": "us-west-2",
                            "request_payer": "BucketOwner",
                            "tags.%": "2",
                            "tags.account_name": "jive-ps-prod",
                            "tags.jive_service": "boomi",
                            "versioning.#": "1",
                            "versioning.0.enabled": "false",
                            "versioning.0.mfa_delete": "false",
                            "website.#": "0"
                        },
                        "meta": {},
                        "tainted": false
                    },
                    "deposed": [],
                    "provider": ""
                },
                "aws_s3_bucket_object.molecule_node_setup": {
                    "type": "aws_s3_bucket_object",
                    "depends_on": [
                        "aws_s3_bucket.molecule"
                    ],
                    "primary": {
                        "id": "bin/setup.sh",
                        "attributes": {
                            "acl": "private",
                            "bucket": "boomi-prod-molecule",
                            "cache_control": "",
                            "content_disposition": "",
                            "content_encoding": "",
                            "content_language": "",
                            "content_type": "binary/octet-stream",
                            "etag": "20482b060841cfa2f67f322d94793c92",
                            "id": "bin/setup.sh",
                            "key": "bin/setup.sh",
                            "kms_key_id": "",
                            "server_side_encryption": "",
                            "source": "bucket/bin/setup.sh",
                            "storage_class": "STANDARD",
                            "tags.%": "0",
                            "version_id": ""
                        },
                        "meta": {},
                        "tainted": false
                    },
                    "deposed": [],
                    "provider": ""
                },
                "aws_s3_bucket_object.molecule_service": {
                    "type": "aws_s3_bucket_object",
                    "depends_on": [
                        "aws_s3_bucket.molecule"
                    ],
                    "primary": {
                        "id": "atom.service",
                        "attributes": {
                            "acl": "private",
                            "bucket": "boomi-prod-molecule",
                            "cache_control": "",
                            "content_disposition": "",
                            "content_encoding": "",
                            "content_language": "",
                            "content_type": "binary/octet-stream",
                            "etag": "623473acbee3fc5ba7260b182428bfd1",
                            "id": "atom.service",
                            "key": "atom.service",
                            "kms_key_id": "",
                            "server_side_encryption": "",
                            "source": "bucket/atom.service",
                            "storage_class": "STANDARD",
                            "tags.%": "0",
                            "version_id": ""
                        },
                        "meta": {},
                        "tainted": false
                    },
                    "deposed": [],
                    "provider": ""
                },
                "aws_s3_bucket_object.molecule_snapshot": {
                    "type": "aws_s3_bucket_object",
                    "depends_on": [
                        "aws_s3_bucket.molecule"
                    ],
                    "primary": {
                        "id": "bin/molecule-snapshot.sh",
                        "attributes": {
                            "acl": "private",
                            "bucket": "boomi-prod-molecule",
                            "cache_control": "",
                            "content_disposition": "",
                            "content_encoding": "",
                            "content_language": "",
                            "content_type": "binary/octet-stream",
                            "etag": "79dd3659c4041ee6737633d3a6d7d4b8",
                            "id": "bin/molecule-snapshot.sh",
                            "key": "bin/molecule-snapshot.sh",
                            "kms_key_id": "",
                            "server_side_encryption": "",
                            "source": "bucket/bin/molecule-snapshot.sh",
                            "storage_class": "STANDARD",
                            "tags.%": "0",
                            "version_id": ""
                        },
                        "meta": {},
                        "tainted": false
                    },
                    "deposed": [],
                    "provider": ""
                },
                "aws_s3_bucket_object.molecule_volume_swap": {
                    "type": "aws_s3_bucket_object",
                    "depends_on": [
                        "aws_s3_bucket.molecule"
                    ],
                    "primary": {
                        "id": "bin/molecule-volume-swap.sh",
                        "attributes": {
                            "acl": "private",
                            "bucket": "boomi-prod-molecule",
                            "cache_control": "",
                            "content_disposition": "",
                            "content_encoding": "",
                            "content_language": "",
                            "content_type": "binary/octet-stream",
                            "etag": "037f5f5865ad191a029f17faf8b452ee",
                            "id": "bin/molecule-volume-swap.sh",
                            "key": "bin/molecule-volume-swap.sh",
                            "server_side_encryption": "",
                            "source": "bucket/bin/molecule-volume-swap.sh",
                            "storage_class": "STANDARD",
                            "tags.%": "0",
                            "version_id": ""
                        },
                        "meta": {},
                        "tainted": false
                    },
                    "deposed": [],
                    "provider": ""
                }
            },
            "depends_on": []
        }
    ]
}
