{
    "version": 3,
    "terraform_version": "0.9.4",
    "serial": 214,
    "lineage": "24b8cabf-f71a-4011-8689-d71f0a375f45",
    "modules": [
        {
            "path": [
                "root"
            ],
            "outputs": {},
            "resources": {
                "aws_autoscaling_group.k8s_etcd_asg.0": {
                    "type": "aws_autoscaling_group",
                    "depends_on": [
                        "aws_eip.k8s_etcd_eip.*",
                        "aws_launch_configuration.k8s_etcd",
                        "data.aws_subnet.natdc.*",
                        "null_resource.k8s_cluster"
                    ],
                    "primary": {
                        "id": "pipeline-k8s-etcd-asg1",
                        "attributes": {
                            "arn": "arn:aws:autoscaling:us-west-2:811034720611:autoScalingGroup:b12d69fe-3ac3-4d17-a773-c0547f57d89b:autoScalingGroupName/pipeline-k8s-etcd-asg1",
                            "availability_zones.#": "1",
                            "availability_zones.2487133097": "us-west-2a",
                            "default_cooldown": "300",
                            "desired_capacity": "1",
                            "force_delete": "false",
                            "health_check_grace_period": "300",
                            "health_check_type": "EC2",
                            "id": "pipeline-k8s-etcd-asg1",
                            "launch_configuration": "terraform-002df1ec7475572110eb02447e",
                            "load_balancers.#": "0",
                            "max_size": "1",
                            "metrics_granularity": "1Minute",
                            "min_size": "1",
                            "name": "pipeline-k8s-etcd-asg1",
                            "placement_group": "",
                            "protect_from_scale_in": "false",
                            "suspended_processes.#": "0",
                            "tag.#": "10",
                            "tag.2813060335.key": "K8s_cluster",
                            "tag.2813060335.propagate_at_launch": "true",
                            "tag.2813060335.value": "us-west-2_jive-microservices-pipeline",
                            "tag.2957669699.key": "Pipeline_phase",
                            "tag.2957669699.propagate_at_launch": "true",
                            "tag.2957669699.value": "pipeline",
                            "tag.3187119633.key": "Service_component",
                            "tag.3187119633.propagate_at_launch": "true",
                            "tag.3187119633.value": "etcd",
                            "tag.3391284744.key": "Hostname",
                            "tag.3391284744.propagate_at_launch": "true",
                            "tag.3391284744.value": "us-west-2_jive-microservices-pipeline-etcd1",
                            "tag.3767096825.key": "SLA",
                            "tag.3767096825.propagate_at_launch": "true",
                            "tag.3767096825.value": "non-prod",
                            "tag.384172955.key": "Jive_service",
                            "tag.384172955.propagate_at_launch": "true",
                            "tag.384172955.value": "us-west-2_jive-microservices-pipeline",
                            "tag.3970527082.key": "KubernetesCluster",
                            "tag.3970527082.propagate_at_launch": "true",
                            "tag.3970527082.value": "us-west-2_jive-microservices-pipeline",
                            "tag.4279558224.key": "Region",
                            "tag.4279558224.propagate_at_launch": "true",
                            "tag.4279558224.value": "us-west-2",
                            "tag.528337943.key": "Name",
                            "tag.528337943.propagate_at_launch": "true",
                            "tag.528337943.value": "pipeline-k8s-etcd-instance",
                            "tag.530158417.key": "Etcd_ip",
                            "tag.530158417.propagate_at_launch": "true",
                            "tag.530158417.value": "10.124.0.30",
                            "target_group_arns.#": "0",
                            "termination_policies.#": "0",
                            "vpc_zone_identifier.#": "1",
                            "vpc_zone_identifier.4149756770": "subnet-ada073c9",
                            "wait_for_capacity_timeout": "10m"
                        },
                        "meta": {},
                        "tainted": false
                    },
                    "deposed": [],
                    "provider": ""
                },
                "aws_autoscaling_group.k8s_etcd_asg.1": {
                    "type": "aws_autoscaling_group",
                    "depends_on": [
                        "aws_eip.k8s_etcd_eip.*",
                        "aws_launch_configuration.k8s_etcd",
                        "data.aws_subnet.natdc.*",
                        "null_resource.k8s_cluster"
                    ],
                    "primary": {
                        "id": "pipeline-k8s-etcd-asg2",
                        "attributes": {
                            "arn": "arn:aws:autoscaling:us-west-2:811034720611:autoScalingGroup:8113601d-e736-4366-8358-3e177739d0f2:autoScalingGroupName/pipeline-k8s-etcd-asg2",
                            "availability_zones.#": "1",
                            "availability_zones.221770259": "us-west-2b",
                            "default_cooldown": "300",
                            "desired_capacity": "1",
                            "force_delete": "false",
                            "health_check_grace_period": "300",
                            "health_check_type": "EC2",
                            "id": "pipeline-k8s-etcd-asg2",
                            "launch_configuration": "terraform-002df1ec7475572110eb02447e",
                            "load_balancers.#": "0",
                            "max_size": "1",
                            "metrics_granularity": "1Minute",
                            "min_size": "1",
                            "name": "pipeline-k8s-etcd-asg2",
                            "placement_group": "",
                            "protect_from_scale_in": "false",
                            "suspended_processes.#": "0",
                            "tag.#": "10",
                            "tag.1636101492.key": "Etcd_ip",
                            "tag.1636101492.propagate_at_launch": "true",
                            "tag.1636101492.value": "10.124.5.202",
                            "tag.2813060335.key": "K8s_cluster",
                            "tag.2813060335.propagate_at_launch": "true",
                            "tag.2813060335.value": "us-west-2_jive-microservices-pipeline",
                            "tag.2957669699.key": "Pipeline_phase",
                            "tag.2957669699.propagate_at_launch": "true",
                            "tag.2957669699.value": "pipeline",
                            "tag.3187119633.key": "Service_component",
                            "tag.3187119633.propagate_at_launch": "true",
                            "tag.3187119633.value": "etcd",
                            "tag.3767096825.key": "SLA",
                            "tag.3767096825.propagate_at_launch": "true",
                            "tag.3767096825.value": "non-prod",
                            "tag.384172955.key": "Jive_service",
                            "tag.384172955.propagate_at_launch": "true",
                            "tag.384172955.value": "us-west-2_jive-microservices-pipeline",
                            "tag.3970527082.key": "KubernetesCluster",
                            "tag.3970527082.propagate_at_launch": "true",
                            "tag.3970527082.value": "us-west-2_jive-microservices-pipeline",
                            "tag.4224384149.key": "Hostname",
                            "tag.4224384149.propagate_at_launch": "true",
                            "tag.4224384149.value": "us-west-2_jive-microservices-pipeline-etcd2",
                            "tag.4279558224.key": "Region",
                            "tag.4279558224.propagate_at_launch": "true",
                            "tag.4279558224.value": "us-west-2",
                            "tag.528337943.key": "Name",
                            "tag.528337943.propagate_at_launch": "true",
                            "tag.528337943.value": "pipeline-k8s-etcd-instance",
                            "target_group_arns.#": "0",
                            "termination_policies.#": "0",
                            "vpc_zone_identifier.#": "1",
                            "vpc_zone_identifier.2471563134": "subnet-97fb0fe1",
                            "wait_for_capacity_timeout": "10m"
                        },
                        "meta": {},
                        "tainted": false
                    },
                    "deposed": [],
                    "provider": ""
                },
                "aws_autoscaling_group.k8s_etcd_asg.2": {
                    "type": "aws_autoscaling_group",
                    "depends_on": [
                        "aws_eip.k8s_etcd_eip.*",
                        "aws_launch_configuration.k8s_etcd",
                        "data.aws_subnet.natdc.*",
                        "null_resource.k8s_cluster"
                    ],
                    "primary": {
                        "id": "pipeline-k8s-etcd-asg3",
                        "attributes": {
                            "arn": "arn:aws:autoscaling:us-west-2:811034720611:autoScalingGroup:de886ae1-2da5-4b88-a4d9-cddad13e8621:autoScalingGroupName/pipeline-k8s-etcd-asg3",
                            "availability_zones.#": "1",
                            "availability_zones.2050015877": "us-west-2c",
                            "default_cooldown": "300",
                            "desired_capacity": "1",
                            "force_delete": "false",
                            "health_check_grace_period": "300",
                            "health_check_type": "EC2",
                            "id": "pipeline-k8s-etcd-asg3",
                            "launch_configuration": "terraform-002df1ec7475572110eb02447e",
                            "load_balancers.#": "0",
                            "max_size": "1",
                            "metrics_granularity": "1Minute",
                            "min_size": "1",
                            "name": "pipeline-k8s-etcd-asg3",
                            "placement_group": "",
                            "protect_from_scale_in": "false",
                            "suspended_processes.#": "0",
                            "tag.#": "10",
                            "tag.1572730657.key": "Hostname",
                            "tag.1572730657.propagate_at_launch": "true",
                            "tag.1572730657.value": "us-west-2_jive-microservices-pipeline-etcd3",
                            "tag.2813060335.key": "K8s_cluster",
                            "tag.2813060335.propagate_at_launch": "true",
                            "tag.2813060335.value": "us-west-2_jive-microservices-pipeline",
                            "tag.2957669699.key": "Pipeline_phase",
                            "tag.2957669699.propagate_at_launch": "true",
                            "tag.2957669699.value": "pipeline",
                            "tag.3187119633.key": "Service_component",
                            "tag.3187119633.propagate_at_launch": "true",
                            "tag.3187119633.value": "etcd",
                            "tag.3767096825.key": "SLA",
                            "tag.3767096825.propagate_at_launch": "true",
                            "tag.3767096825.value": "non-prod",
                            "tag.384172955.key": "Jive_service",
                            "tag.384172955.propagate_at_launch": "true",
                            "tag.384172955.value": "us-west-2_jive-microservices-pipeline",
                            "tag.3970527082.key": "KubernetesCluster",
                            "tag.3970527082.propagate_at_launch": "true",
                            "tag.3970527082.value": "us-west-2_jive-microservices-pipeline",
                            "tag.4279558224.key": "Region",
                            "tag.4279558224.propagate_at_launch": "true",
                            "tag.4279558224.value": "us-west-2",
                            "tag.435280557.key": "Etcd_ip",
                            "tag.435280557.propagate_at_launch": "true",
                            "tag.435280557.value": "10.124.10.98",
                            "tag.528337943.key": "Name",
                            "tag.528337943.propagate_at_launch": "true",
                            "tag.528337943.value": "pipeline-k8s-etcd-instance",
                            "target_group_arns.#": "0",
                            "termination_policies.#": "0",
                            "vpc_zone_identifier.#": "1",
                            "vpc_zone_identifier.2207110996": "subnet-ace1e0f5",
                            "wait_for_capacity_timeout": "10m"
                        },
                        "meta": {},
                        "tainted": false
                    },
                    "deposed": [],
                    "provider": ""
                },
                "aws_autoscaling_group.k8s_etcd_asg.3": {
                    "type": "aws_autoscaling_group",
                    "depends_on": [
                        "aws_eip.k8s_etcd_eip.*",
                        "aws_launch_configuration.k8s_etcd",
                        "data.aws_subnet.natdc.*",
                        "null_resource.k8s_cluster"
                    ],
                    "primary": {
                        "id": "pipeline-k8s-etcd-asg4",
                        "attributes": {
                            "arn": "arn:aws:autoscaling:us-west-2:811034720611:autoScalingGroup:d44872cb-9741-4a07-bfdc-304ddb657161:autoScalingGroupName/pipeline-k8s-etcd-asg4",
                            "availability_zones.#": "1",
                            "availability_zones.2487133097": "us-west-2a",
                            "default_cooldown": "300",
                            "desired_capacity": "1",
                            "force_delete": "false",
                            "health_check_grace_period": "300",
                            "health_check_type": "EC2",
                            "id": "pipeline-k8s-etcd-asg4",
                            "launch_configuration": "terraform-002df1ec7475572110eb02447e",
                            "load_balancers.#": "0",
                            "max_size": "1",
                            "metrics_granularity": "1Minute",
                            "min_size": "1",
                            "name": "pipeline-k8s-etcd-asg4",
                            "placement_group": "",
                            "protect_from_scale_in": "false",
                            "suspended_processes.#": "0",
                            "tag.#": "10",
                            "tag.2551892399.key": "Hostname",
                            "tag.2551892399.propagate_at_launch": "true",
                            "tag.2551892399.value": "us-west-2_jive-microservices-pipeline-etcd4",
                            "tag.2813060335.key": "K8s_cluster",
                            "tag.2813060335.propagate_at_launch": "true",
                            "tag.2813060335.value": "us-west-2_jive-microservices-pipeline",
                            "tag.2957669699.key": "Pipeline_phase",
                            "tag.2957669699.propagate_at_launch": "true",
                            "tag.2957669699.value": "pipeline",
                            "tag.3099325963.key": "Etcd_ip",
                            "tag.3099325963.propagate_at_launch": "true",
                            "tag.3099325963.value": "10.124.1.60",
                            "tag.3187119633.key": "Service_component",
                            "tag.3187119633.propagate_at_launch": "true",
                            "tag.3187119633.value": "etcd",
                            "tag.3767096825.key": "SLA",
                            "tag.3767096825.propagate_at_launch": "true",
                            "tag.3767096825.value": "non-prod",
                            "tag.384172955.key": "Jive_service",
                            "tag.384172955.propagate_at_launch": "true",
                            "tag.384172955.value": "us-west-2_jive-microservices-pipeline",
                            "tag.3970527082.key": "KubernetesCluster",
                            "tag.3970527082.propagate_at_launch": "true",
                            "tag.3970527082.value": "us-west-2_jive-microservices-pipeline",
                            "tag.4279558224.key": "Region",
                            "tag.4279558224.propagate_at_launch": "true",
                            "tag.4279558224.value": "us-west-2",
                            "tag.528337943.key": "Name",
                            "tag.528337943.propagate_at_launch": "true",
                            "tag.528337943.value": "pipeline-k8s-etcd-instance",
                            "target_group_arns.#": "0",
                            "termination_policies.#": "0",
                            "vpc_zone_identifier.#": "1",
                            "vpc_zone_identifier.4149756770": "subnet-ada073c9",
                            "wait_for_capacity_timeout": "10m"
                        },
                        "meta": {},
                        "tainted": false
                    },
                    "deposed": [],
                    "provider": ""
                },
                "aws_autoscaling_group.k8s_etcd_asg.4": {
                    "type": "aws_autoscaling_group",
                    "depends_on": [
                        "aws_eip.k8s_etcd_eip.*",
                        "aws_launch_configuration.k8s_etcd",
                        "data.aws_subnet.natdc.*",
                        "null_resource.k8s_cluster"
                    ],
                    "primary": {
                        "id": "pipeline-k8s-etcd-asg5",
                        "attributes": {
                            "arn": "arn:aws:autoscaling:us-west-2:811034720611:autoScalingGroup:0276551c-27c3-46f6-9887-11dd328e9359:autoScalingGroupName/pipeline-k8s-etcd-asg5",
                            "availability_zones.#": "1",
                            "availability_zones.221770259": "us-west-2b",
                            "default_cooldown": "300",
                            "desired_capacity": "1",
                            "force_delete": "false",
                            "health_check_grace_period": "300",
                            "health_check_type": "EC2",
                            "id": "pipeline-k8s-etcd-asg5",
                            "launch_configuration": "terraform-002df1ec7475572110eb02447e",
                            "load_balancers.#": "0",
                            "max_size": "1",
                            "metrics_granularity": "1Minute",
                            "min_size": "1",
                            "name": "pipeline-k8s-etcd-asg5",
                            "placement_group": "",
                            "protect_from_scale_in": "false",
                            "suspended_processes.#": "0",
                            "tag.#": "10",
                            "tag.1047380507.key": "Hostname",
                            "tag.1047380507.propagate_at_launch": "true",
                            "tag.1047380507.value": "us-west-2_jive-microservices-pipeline-etcd5",
                            "tag.2813060335.key": "K8s_cluster",
                            "tag.2813060335.propagate_at_launch": "true",
                            "tag.2813060335.value": "us-west-2_jive-microservices-pipeline",
                            "tag.2957669699.key": "Pipeline_phase",
                            "tag.2957669699.propagate_at_launch": "true",
                            "tag.2957669699.value": "pipeline",
                            "tag.3187119633.key": "Service_component",
                            "tag.3187119633.propagate_at_launch": "true",
                            "tag.3187119633.value": "etcd",
                            "tag.3546364286.key": "Etcd_ip",
                            "tag.3546364286.propagate_at_launch": "true",
                            "tag.3546364286.value": "10.124.7.5",
                            "tag.3767096825.key": "SLA",
                            "tag.3767096825.propagate_at_launch": "true",
                            "tag.3767096825.value": "non-prod",
                            "tag.384172955.key": "Jive_service",
                            "tag.384172955.propagate_at_launch": "true",
                            "tag.384172955.value": "us-west-2_jive-microservices-pipeline",
                            "tag.3970527082.key": "KubernetesCluster",
                            "tag.3970527082.propagate_at_launch": "true",
                            "tag.3970527082.value": "us-west-2_jive-microservices-pipeline",
                            "tag.4279558224.key": "Region",
                            "tag.4279558224.propagate_at_launch": "true",
                            "tag.4279558224.value": "us-west-2",
                            "tag.528337943.key": "Name",
                            "tag.528337943.propagate_at_launch": "true",
                            "tag.528337943.value": "pipeline-k8s-etcd-instance",
                            "target_group_arns.#": "0",
                            "termination_policies.#": "0",
                            "vpc_zone_identifier.#": "1",
                            "vpc_zone_identifier.2471563134": "subnet-97fb0fe1",
                            "wait_for_capacity_timeout": "10m"
                        },
                        "meta": {},
                        "tainted": false
                    },
                    "deposed": [],
                    "provider": ""
                },
                "aws_autoscaling_group.k8s_etcd_asg.5": {
                    "type": "aws_autoscaling_group",
                    "depends_on": [
                        "aws_eip.k8s_etcd_eip.*",
                        "aws_launch_configuration.k8s_etcd",
                        "data.aws_subnet.natdc.*",
                        "null_resource.k8s_cluster"
                    ],
                    "primary": {
                        "id": "pipeline-k8s-etcd-asg6",
                        "attributes": {
                            "arn": "arn:aws:autoscaling:us-west-2:811034720611:autoScalingGroup:aea9b1e0-0ada-4a5e-9d9d-e7a33915cf07:autoScalingGroupName/pipeline-k8s-etcd-asg6",
                            "availability_zones.#": "1",
                            "availability_zones.2050015877": "us-west-2c",
                            "default_cooldown": "300",
                            "desired_capacity": "1",
                            "force_delete": "false",
                            "health_check_grace_period": "300",
                            "health_check_type": "EC2",
                            "id": "pipeline-k8s-etcd-asg6",
                            "launch_configuration": "terraform-002df1ec7475572110eb02447e",
                            "load_balancers.#": "0",
                            "max_size": "1",
                            "metrics_granularity": "1Minute",
                            "min_size": "1",
                            "name": "pipeline-k8s-etcd-asg6",
                            "placement_group": "",
                            "protect_from_scale_in": "false",
                            "suspended_processes.#": "0",
                            "tag.#": "10",
                            "tag.260429958.key": "Hostname",
                            "tag.260429958.propagate_at_launch": "true",
                            "tag.260429958.value": "us-west-2_jive-microservices-pipeline-etcd6",
                            "tag.2813060335.key": "K8s_cluster",
                            "tag.2813060335.propagate_at_launch": "true",
                            "tag.2813060335.value": "us-west-2_jive-microservices-pipeline",
                            "tag.2957669699.key": "Pipeline_phase",
                            "tag.2957669699.propagate_at_launch": "true",
                            "tag.2957669699.value": "pipeline",
                            "tag.3187119633.key": "Service_component",
                            "tag.3187119633.propagate_at_launch": "true",
                            "tag.3187119633.value": "etcd",
                            "tag.3767096825.key": "SLA",
                            "tag.3767096825.propagate_at_launch": "true",
                            "tag.3767096825.value": "non-prod",
                            "tag.384172955.key": "Jive_service",
                            "tag.384172955.propagate_at_launch": "true",
                            "tag.384172955.value": "us-west-2_jive-microservices-pipeline",
                            "tag.3894206316.key": "Etcd_ip",
                            "tag.3894206316.propagate_at_launch": "true",
                            "tag.3894206316.value": "10.124.8.11",
                            "tag.3970527082.key": "KubernetesCluster",
                            "tag.3970527082.propagate_at_launch": "true",
                            "tag.3970527082.value": "us-west-2_jive-microservices-pipeline",
                            "tag.4279558224.key": "Region",
                            "tag.4279558224.propagate_at_launch": "true",
                            "tag.4279558224.value": "us-west-2",
                            "tag.528337943.key": "Name",
                            "tag.528337943.propagate_at_launch": "true",
                            "tag.528337943.value": "pipeline-k8s-etcd-instance",
                            "target_group_arns.#": "0",
                            "termination_policies.#": "0",
                            "vpc_zone_identifier.#": "1",
                            "vpc_zone_identifier.2207110996": "subnet-ace1e0f5",
                            "wait_for_capacity_timeout": "10m"
                        },
                        "meta": {},
                        "tainted": false
                    },
                    "deposed": [],
                    "provider": ""
                },
                "aws_autoscaling_group.k8s_master": {
                    "type": "aws_autoscaling_group",
                    "depends_on": [
                        "aws_elb.k8s_master",
                        "aws_launch_configuration.k8s_master",
                        "null_resource.k8s_cluster"
                    ],
                    "primary": {
                        "id": "pipeline-k8s-master-asg1",
                        "attributes": {
                            "arn": "arn:aws:autoscaling:us-west-2:811034720611:autoScalingGroup:2aad8895-b80e-400c-b8e0-090328f60d3f:autoScalingGroupName/pipeline-k8s-master-asg1",
                            "availability_zones.#": "1",
                            "availability_zones.2487133097": "us-west-2a",
                            "default_cooldown": "300",
                            "desired_capacity": "1",
                            "force_delete": "false",
                            "health_check_grace_period": "300",
                            "health_check_type": "EC2",
                            "id": "pipeline-k8s-master-asg1",
                            "launch_configuration": "terraform-002df1ec7475572110eb02447d",
                            "load_balancers.#": "1",
                            "load_balancers.1572528977": "pipeline-k8s-master-elb",
                            "max_size": "1",
                            "metrics_granularity": "1Minute",
                            "min_size": "1",
                            "name": "pipeline-k8s-master-asg1",
                            "placement_group": "",
                            "protect_from_scale_in": "false",
                            "suspended_processes.#": "0",
                            "tag.#": "9",
                            "tag.114212053.key": "Name",
                            "tag.114212053.propagate_at_launch": "true",
                            "tag.114212053.value": "pipeline-k8s-master-instance",
                            "tag.2813060335.key": "K8s_cluster",
                            "tag.2813060335.propagate_at_launch": "true",
                            "tag.2813060335.value": "us-west-2_jive-microservices-pipeline",
                            "tag.2957669699.key": "Pipeline_phase",
                            "tag.2957669699.propagate_at_launch": "true",
                            "tag.2957669699.value": "pipeline",
                            "tag.3116370667.key": "Service_component",
                            "tag.3116370667.propagate_at_launch": "true",
                            "tag.3116370667.value": "k8s-master",
                            "tag.3767096825.key": "SLA",
                            "tag.3767096825.propagate_at_launch": "true",
                            "tag.3767096825.value": "non-prod",
                            "tag.384172955.key": "Jive_service",
                            "tag.384172955.propagate_at_launch": "true",
                            "tag.384172955.value": "us-west-2_jive-microservices-pipeline",
                            "tag.3970527082.key": "KubernetesCluster",
                            "tag.3970527082.propagate_at_launch": "true",
                            "tag.3970527082.value": "us-west-2_jive-microservices-pipeline",
                            "tag.4279558224.key": "Region",
                            "tag.4279558224.propagate_at_launch": "true",
                            "tag.4279558224.value": "us-west-2",
                            "tag.9368287.key": "Hostname",
                            "tag.9368287.propagate_at_launch": "true",
                            "tag.9368287.value": "us-west-2_jive-microservices-pipeline-master1",
                            "target_group_arns.#": "0",
                            "termination_policies.#": "0",
                            "vpc_zone_identifier.#": "1",
                            "vpc_zone_identifier.4149756770": "subnet-ada073c9",
                            "wait_for_capacity_timeout": "10m"
                        },
                        "meta": {},
                        "tainted": false
                    },
                    "deposed": [],
                    "provider": ""
                },
                "aws_autoscaling_group.k8s_worker_asg.0": {
                    "type": "aws_autoscaling_group",
                    "depends_on": [
                        "aws_launch_configuration.k8s_worker",
                        "null_resource.k8s_cluster"
                    ],
                    "primary": {
                        "id": "pipeline-k8s-worker-asg1",
                        "attributes": {
                            "arn": "arn:aws:autoscaling:us-west-2:811034720611:autoScalingGroup:9cf04bf2-61c7-4348-a854-ed3099b1af23:autoScalingGroupName/pipeline-k8s-worker-asg1",
                            "availability_zones.#": "1",
                            "availability_zones.2487133097": "us-west-2a",
                            "default_cooldown": "300",
                            "desired_capacity": "7",
                            "force_delete": "false",
                            "health_check_grace_period": "300",
                            "health_check_type": "EC2",
                            "id": "pipeline-k8s-worker-asg1",
                            "launch_configuration": "terraform-002df1ec7475572110eb02447c",
                            "load_balancers.#": "0",
                            "max_size": "21",
                            "metrics_granularity": "1Minute",
                            "min_size": "7",
                            "name": "pipeline-k8s-worker-asg1",
                            "placement_group": "",
                            "protect_from_scale_in": "false",
                            "suspended_processes.#": "0",
                            "tag.#": "9",
                            "tag.2157698622.key": "Hostname",
                            "tag.2157698622.propagate_at_launch": "true",
                            "tag.2157698622.value": "k8s-node1",
                            "tag.228639812.key": "Service_component",
                            "tag.228639812.propagate_at_launch": "true",
                            "tag.228639812.value": "k8s-node",
                            "tag.2598016381.key": "Name",
                            "tag.2598016381.propagate_at_launch": "true",
                            "tag.2598016381.value": "pipeline-k8s-worker-instance",
                            "tag.2813060335.key": "K8s_cluster",
                            "tag.2813060335.propagate_at_launch": "true",
                            "tag.2813060335.value": "us-west-2_jive-microservices-pipeline",
                            "tag.2957669699.key": "Pipeline_phase",
                            "tag.2957669699.propagate_at_launch": "true",
                            "tag.2957669699.value": "pipeline",
                            "tag.3767096825.key": "SLA",
                            "tag.3767096825.propagate_at_launch": "true",
                            "tag.3767096825.value": "non-prod",
                            "tag.384172955.key": "Jive_service",
                            "tag.384172955.propagate_at_launch": "true",
                            "tag.384172955.value": "us-west-2_jive-microservices-pipeline",
                            "tag.3970527082.key": "KubernetesCluster",
                            "tag.3970527082.propagate_at_launch": "true",
                            "tag.3970527082.value": "us-west-2_jive-microservices-pipeline",
                            "tag.4279558224.key": "Region",
                            "tag.4279558224.propagate_at_launch": "true",
                            "tag.4279558224.value": "us-west-2",
                            "target_group_arns.#": "0",
                            "termination_policies.#": "0",
                            "vpc_zone_identifier.#": "1",
                            "vpc_zone_identifier.4149756770": "subnet-ada073c9",
                            "wait_for_capacity_timeout": "10m"
                        },
                        "meta": {},
                        "tainted": false
                    },
                    "deposed": [],
                    "provider": ""
                },
                "aws_autoscaling_group.k8s_worker_asg.1": {
                    "type": "aws_autoscaling_group",
                    "depends_on": [
                        "aws_launch_configuration.k8s_worker",
                        "null_resource.k8s_cluster"
                    ],
                    "primary": {
                        "id": "pipeline-k8s-worker-asg2",
                        "attributes": {
                            "arn": "arn:aws:autoscaling:us-west-2:811034720611:autoScalingGroup:3303bdac-9618-4e81-be94-02465b3fb022:autoScalingGroupName/pipeline-k8s-worker-asg2",
                            "availability_zones.#": "1",
                            "availability_zones.221770259": "us-west-2b",
                            "default_cooldown": "300",
                            "desired_capacity": "7",
                            "force_delete": "false",
                            "health_check_grace_period": "300",
                            "health_check_type": "EC2",
                            "id": "pipeline-k8s-worker-asg2",
                            "launch_configuration": "terraform-002df1ec7475572110eb02447c",
                            "load_balancers.#": "0",
                            "max_size": "21",
                            "metrics_granularity": "1Minute",
                            "min_size": "7",
                            "name": "pipeline-k8s-worker-asg2",
                            "placement_group": "",
                            "protect_from_scale_in": "false",
                            "suspended_processes.#": "0",
                            "tag.#": "9",
                            "tag.228639812.key": "Service_component",
                            "tag.228639812.propagate_at_launch": "true",
                            "tag.228639812.value": "k8s-node",
                            "tag.2598016381.key": "Name",
                            "tag.2598016381.propagate_at_launch": "true",
                            "tag.2598016381.value": "pipeline-k8s-worker-instance",
                            "tag.2813060335.key": "K8s_cluster",
                            "tag.2813060335.propagate_at_launch": "true",
                            "tag.2813060335.value": "us-west-2_jive-microservices-pipeline",
                            "tag.2957669699.key": "Pipeline_phase",
                            "tag.2957669699.propagate_at_launch": "true",
                            "tag.2957669699.value": "pipeline",
                            "tag.2977154211.key": "Hostname",
                            "tag.2977154211.propagate_at_launch": "true",
                            "tag.2977154211.value": "k8s-node2",
                            "tag.3767096825.key": "SLA",
                            "tag.3767096825.propagate_at_launch": "true",
                            "tag.3767096825.value": "non-prod",
                            "tag.384172955.key": "Jive_service",
                            "tag.384172955.propagate_at_launch": "true",
                            "tag.384172955.value": "us-west-2_jive-microservices-pipeline",
                            "tag.3970527082.key": "KubernetesCluster",
                            "tag.3970527082.propagate_at_launch": "true",
                            "tag.3970527082.value": "us-west-2_jive-microservices-pipeline",
                            "tag.4279558224.key": "Region",
                            "tag.4279558224.propagate_at_launch": "true",
                            "tag.4279558224.value": "us-west-2",
                            "target_group_arns.#": "0",
                            "termination_policies.#": "0",
                            "vpc_zone_identifier.#": "1",
                            "vpc_zone_identifier.2471563134": "subnet-97fb0fe1",
                            "wait_for_capacity_timeout": "10m"
                        },
                        "meta": {},
                        "tainted": false
                    },
                    "deposed": [],
                    "provider": ""
                },
                "aws_autoscaling_group.k8s_worker_asg.2": {
                    "type": "aws_autoscaling_group",
                    "depends_on": [
                        "aws_launch_configuration.k8s_worker",
                        "null_resource.k8s_cluster"
                    ],
                    "primary": {
                        "id": "pipeline-k8s-worker-asg3",
                        "attributes": {
                            "arn": "arn:aws:autoscaling:us-west-2:811034720611:autoScalingGroup:371e9edb-2b34-48dd-840e-b92d3e72ef3c:autoScalingGroupName/pipeline-k8s-worker-asg3",
                            "availability_zones.#": "1",
                            "availability_zones.2050015877": "us-west-2c",
                            "default_cooldown": "300",
                            "desired_capacity": "7",
                            "force_delete": "false",
                            "health_check_grace_period": "300",
                            "health_check_type": "EC2",
                            "id": "pipeline-k8s-worker-asg3",
                            "launch_configuration": "terraform-002df1ec7475572110eb02447c",
                            "load_balancers.#": "0",
                            "max_size": "21",
                            "metrics_granularity": "1Minute",
                            "min_size": "7",
                            "name": "pipeline-k8s-worker-asg3",
                            "placement_group": "",
                            "protect_from_scale_in": "false",
                            "suspended_processes.#": "0",
                            "tag.#": "9",
                            "tag.228639812.key": "Service_component",
                            "tag.228639812.propagate_at_launch": "true",
                            "tag.228639812.value": "k8s-node",
                            "tag.2598016381.key": "Name",
                            "tag.2598016381.propagate_at_launch": "true",
                            "tag.2598016381.value": "pipeline-k8s-worker-instance",
                            "tag.2813060335.key": "K8s_cluster",
                            "tag.2813060335.propagate_at_launch": "true",
                            "tag.2813060335.value": "us-west-2_jive-microservices-pipeline",
                            "tag.2957669699.key": "Pipeline_phase",
                            "tag.2957669699.propagate_at_launch": "true",
                            "tag.2957669699.value": "pipeline",
                            "tag.3767096825.key": "SLA",
                            "tag.3767096825.propagate_at_launch": "true",
                            "tag.3767096825.value": "non-prod",
                            "tag.384172955.key": "Jive_service",
                            "tag.384172955.propagate_at_launch": "true",
                            "tag.384172955.value": "us-west-2_jive-microservices-pipeline",
                            "tag.386191127.key": "Hostname",
                            "tag.386191127.propagate_at_launch": "true",
                            "tag.386191127.value": "k8s-node3",
                            "tag.3970527082.key": "KubernetesCluster",
                            "tag.3970527082.propagate_at_launch": "true",
                            "tag.3970527082.value": "us-west-2_jive-microservices-pipeline",
                            "tag.4279558224.key": "Region",
                            "tag.4279558224.propagate_at_launch": "true",
                            "tag.4279558224.value": "us-west-2",
                            "target_group_arns.#": "0",
                            "termination_policies.#": "0",
                            "vpc_zone_identifier.#": "1",
                            "vpc_zone_identifier.2207110996": "subnet-ace1e0f5",
                            "wait_for_capacity_timeout": "10m"
                        },
                        "meta": {},
                        "tainted": false
                    },
                    "deposed": [],
                    "provider": ""
                },
                "aws_ebs_volume.k8s_etcd_ebs.0": {
                    "type": "aws_ebs_volume",
                    "depends_on": [
                        "data.aws_availability_zones.available",
                        "null_resource.k8s_cluster"
                    ],
                    "primary": {
                        "id": "vol-0d8528bb",
                        "attributes": {
                            "availability_zone": "us-west-2a",
                            "encrypted": "true",
                            "id": "vol-0d8528bb",
                            "kms_key_id": "arn:aws:kms:us-west-2:811034720611:key/a72e3d2f-ce96-4bd5-90d6-ecc8586b9d12",
                            "size": "20",
                            "snapshot_id": "",
                            "tags.%": "7",
                            "tags.Hostname": "us-west-2_jive-microservices-pipeline-etcd1",
                            "tags.Jive_service": "us-west-2_jive-microservices-pipeline",
                            "tags.Name": "pipeline-k8s_etcd-instance",
                            "tags.Pipeline_phase": "pipeline",
                            "tags.Region": "us-west-2",
                            "tags.SLA": "non-prod",
                            "tags.Service_component": "etcd",
                            "type": "gp2"
                        },
                        "meta": {},
                        "tainted": false
                    },
                    "deposed": [],
                    "provider": ""
                },
                "aws_ebs_volume.k8s_etcd_ebs.1": {
                    "type": "aws_ebs_volume",
                    "depends_on": [
                        "data.aws_availability_zones.available",
                        "null_resource.k8s_cluster"
                    ],
                    "primary": {
                        "id": "vol-b3e25701",
                        "attributes": {
                            "availability_zone": "us-west-2b",
                            "encrypted": "true",
                            "id": "vol-b3e25701",
                            "kms_key_id": "arn:aws:kms:us-west-2:811034720611:key/a72e3d2f-ce96-4bd5-90d6-ecc8586b9d12",
                            "size": "20",
                            "snapshot_id": "",
                            "tags.%": "7",
                            "tags.Hostname": "us-west-2_jive-microservices-pipeline-etcd2",
                            "tags.Jive_service": "us-west-2_jive-microservices-pipeline",
                            "tags.Name": "pipeline-k8s_etcd-instance",
                            "tags.Pipeline_phase": "pipeline",
                            "tags.Region": "us-west-2",
                            "tags.SLA": "non-prod",
                            "tags.Service_component": "etcd",
                            "type": "gp2"
                        },
                        "meta": {},
                        "tainted": false
                    },
                    "deposed": [],
                    "provider": ""
                },
                "aws_ebs_volume.k8s_etcd_ebs.2": {
                    "type": "aws_ebs_volume",
                    "depends_on": [
                        "data.aws_availability_zones.available",
                        "null_resource.k8s_cluster"
                    ],
                    "primary": {
                        "id": "vol-5387d8ea",
                        "attributes": {
                            "availability_zone": "us-west-2c",
                            "encrypted": "true",
                            "id": "vol-5387d8ea",
                            "kms_key_id": "arn:aws:kms:us-west-2:811034720611:key/a72e3d2f-ce96-4bd5-90d6-ecc8586b9d12",
                            "size": "20",
                            "snapshot_id": "",
                            "tags.%": "7",
                            "tags.Hostname": "us-west-2_jive-microservices-pipeline-etcd3",
                            "tags.Jive_service": "us-west-2_jive-microservices-pipeline",
                            "tags.Name": "pipeline-k8s_etcd-instance",
                            "tags.Pipeline_phase": "pipeline",
                            "tags.Region": "us-west-2",
                            "tags.SLA": "non-prod",
                            "tags.Service_component": "etcd",
                            "type": "gp2"
                        },
                        "meta": {},
                        "tainted": false
                    },
                    "deposed": [],
                    "provider": ""
                },
                "aws_ebs_volume.k8s_etcd_ebs.3": {
                    "type": "aws_ebs_volume",
                    "depends_on": [
                        "data.aws_availability_zones.available",
                        "null_resource.k8s_cluster"
                    ],
                    "primary": {
                        "id": "vol-004d554f1f7f98374",
                        "attributes": {
                            "availability_zone": "us-west-2a",
                            "encrypted": "true",
                            "id": "vol-004d554f1f7f98374",
                            "kms_key_id": "arn:aws:kms:us-west-2:811034720611:key/a72e3d2f-ce96-4bd5-90d6-ecc8586b9d12",
                            "size": "20",
                            "snapshot_id": "",
                            "tags.%": "7",
                            "tags.Hostname": "us-west-2_jive-microservices-pipeline-etcd4",
                            "tags.Jive_service": "us-west-2_jive-microservices-pipeline",
                            "tags.Name": "pipeline-k8s_etcd-instance",
                            "tags.Pipeline_phase": "pipeline",
                            "tags.Region": "us-west-2",
                            "tags.SLA": "non-prod",
                            "tags.Service_component": "etcd",
                            "type": "gp2"
                        },
                        "meta": {},
                        "tainted": false
                    },
                    "deposed": [],
                    "provider": ""
                },
                "aws_ebs_volume.k8s_etcd_ebs.4": {
                    "type": "aws_ebs_volume",
                    "depends_on": [
                        "data.aws_availability_zones.available",
                        "null_resource.k8s_cluster"
                    ],
                    "primary": {
                        "id": "vol-03848188284c2fb7e",
                        "attributes": {
                            "availability_zone": "us-west-2b",
                            "encrypted": "true",
                            "id": "vol-03848188284c2fb7e",
                            "kms_key_id": "arn:aws:kms:us-west-2:811034720611:key/a72e3d2f-ce96-4bd5-90d6-ecc8586b9d12",
                            "size": "20",
                            "snapshot_id": "",
                            "tags.%": "7",
                            "tags.Hostname": "us-west-2_jive-microservices-pipeline-etcd5",
                            "tags.Jive_service": "us-west-2_jive-microservices-pipeline",
                            "tags.Name": "pipeline-k8s_etcd-instance",
                            "tags.Pipeline_phase": "pipeline",
                            "tags.Region": "us-west-2",
                            "tags.SLA": "non-prod",
                            "tags.Service_component": "etcd",
                            "type": "gp2"
                        },
                        "meta": {},
                        "tainted": false
                    },
                    "deposed": [],
                    "provider": ""
                },
                "aws_ebs_volume.k8s_etcd_ebs.5": {
                    "type": "aws_ebs_volume",
                    "depends_on": [
                        "data.aws_availability_zones.available",
                        "null_resource.k8s_cluster"
                    ],
                    "primary": {
                        "id": "vol-009b83ac3c848a72b",
                        "attributes": {
                            "availability_zone": "us-west-2c",
                            "encrypted": "true",
                            "id": "vol-009b83ac3c848a72b",
                            "kms_key_id": "arn:aws:kms:us-west-2:811034720611:key/a72e3d2f-ce96-4bd5-90d6-ecc8586b9d12",
                            "size": "20",
                            "snapshot_id": "",
                            "tags.%": "7",
                            "tags.Hostname": "us-west-2_jive-microservices-pipeline-etcd6",
                            "tags.Jive_service": "us-west-2_jive-microservices-pipeline",
                            "tags.Name": "pipeline-k8s_etcd-instance",
                            "tags.Pipeline_phase": "pipeline",
                            "tags.Region": "us-west-2",
                            "tags.SLA": "non-prod",
                            "tags.Service_component": "etcd",
                            "type": "gp2"
                        },
                        "meta": {},
                        "tainted": false
                    },
                    "deposed": [],
                    "provider": ""
                },
                "aws_ebs_volume.k8s_master": {
                    "type": "aws_ebs_volume",
                    "depends_on": [
                        "null_resource.k8s_cluster"
                    ],
                    "primary": {
                        "id": "vol-36852880",
                        "attributes": {
                            "availability_zone": "us-west-2a",
                            "encrypted": "true",
                            "id": "vol-36852880",
                            "kms_key_id": "arn:aws:kms:us-west-2:811034720611:key/a72e3d2f-ce96-4bd5-90d6-ecc8586b9d12",
                            "size": "100",
                            "snapshot_id": "",
                            "tags.%": "7",
                            "tags.Hostname": "us-west-2_jive-microservices-pipeline-master1",
                            "tags.Jive_service": "us-west-2_jive-microservices-pipeline",
                            "tags.Name": "pipeline-k8s_master-instance",
                            "tags.Pipeline_phase": "pipeline",
                            "tags.Region": "us-west-2",
                            "tags.SLA": "non-prod",
                            "tags.Service_component": "k8s-master",
                            "type": "gp2"
                        },
                        "meta": {},
                        "tainted": false
                    },
                    "deposed": [],
                    "provider": ""
                },
                "aws_eip.k8s_etcd_eip.0": {
                    "type": "aws_eip",
                    "depends_on": [
                        "aws_network_interface.k8s_etcd"
                    ],
                    "primary": {
                        "id": "eipalloc-abbf24cf",
                        "attributes": {
                            "association_id": "eipassoc-5c25703a",
                            "domain": "vpc",
                            "id": "eipalloc-abbf24cf",
                            "instance": "i-041e813afd4ddff64",
                            "network_interface": "eni-bffbeec4",
                            "private_ip": "10.124.0.30",
                            "public_ip": "52.26.138.54",
                            "vpc": "true"
                        },
                        "meta": {},
                        "tainted": false
                    },
                    "deposed": [],
                    "provider": ""
                },
                "aws_eip.k8s_etcd_eip.1": {
                    "type": "aws_eip",
                    "depends_on": [
                        "aws_network_interface.k8s_etcd"
                    ],
                    "primary": {
                        "id": "eipalloc-c1bb20a5",
                        "attributes": {
                            "association_id": "eipassoc-a92174cf",
                            "domain": "vpc",
                            "id": "eipalloc-c1bb20a5",
                            "instance": "i-09b1a2193eb73fd85",
                            "network_interface": "eni-fe30e0b3",
                            "private_ip": "10.124.5.202",
                            "public_ip": "52.39.202.109",
                            "vpc": "true"
                        },
                        "meta": {},
                        "tainted": false
                    },
                    "deposed": [],
                    "provider": ""
                },
                "aws_eip.k8s_etcd_eip.2": {
                    "type": "aws_eip",
                    "depends_on": [
                        "aws_network_interface.k8s_etcd"
                    ],
                    "primary": {
                        "id": "eipalloc-21bb2045",
                        "attributes": {
                            "association_id": "eipassoc-ec27728a",
                            "domain": "vpc",
                            "id": "eipalloc-21bb2045",
                            "instance": "i-0acc3f1dedcfb51ad",
                            "network_interface": "eni-21d4df7c",
                            "private_ip": "10.124.10.98",
                            "public_ip": "52.37.248.67",
                            "vpc": "true"
                        },
                        "meta": {},
                        "tainted": false
                    },
                    "deposed": [],
                    "provider": ""
                },
                "aws_eip.k8s_etcd_eip.3": {
                    "type": "aws_eip",
                    "depends_on": [
                        "aws_network_interface.k8s_etcd"
                    ],
                    "primary": {
                        "id": "eipalloc-5a674a3d",
                        "attributes": {
                            "association_id": "eipassoc-646a851e",
                            "domain": "vpc",
                            "id": "eipalloc-5a674a3d",
                            "instance": "i-08c8d199b9b037c55",
                            "network_interface": "eni-39ab4b49",
                            "private_ip": "10.124.1.60",
                            "public_ip": "35.163.67.61",
                            "vpc": "true"
                        },
                        "meta": {},
                        "tainted": false
                    },
                    "deposed": [],
                    "provider": ""
                },
                "aws_eip.k8s_etcd_eip.4": {
                    "type": "aws_eip",
                    "depends_on": [
                        "aws_network_interface.k8s_etcd"
                    ],
                    "primary": {
                        "id": "eipalloc-38664b5f",
                        "attributes": {
                            "association_id": "eipassoc-1e698664",
                            "domain": "vpc",
                            "id": "eipalloc-38664b5f",
                            "instance": "i-0ef70bba5f112c7fb",
                            "network_interface": "eni-06325445",
                            "private_ip": "10.124.7.5",
                            "public_ip": "35.167.63.150",
                            "vpc": "true"
                        },
                        "meta": {},
                        "tainted": false
                    },
                    "deposed": [],
                    "provider": ""
                },
                "aws_eip.k8s_etcd_eip.5": {
                    "type": "aws_eip",
                    "depends_on": [
                        "aws_network_interface.k8s_etcd"
                    ],
                    "primary": {
                        "id": "eipalloc-35684552",
                        "attributes": {
                            "association_id": "eipassoc-0d688777",
                            "domain": "vpc",
                            "id": "eipalloc-35684552",
                            "instance": "i-0ac0b18a9bb9ac333",
                            "network_interface": "eni-4cdee11c",
                            "private_ip": "10.124.8.11",
                            "public_ip": "35.166.216.25",
                            "vpc": "true"
                        },
                        "meta": {},
                        "tainted": false
                    },
                    "deposed": [],
                    "provider": ""
                },
                "aws_eip.k8s_master_eip": {
                    "type": "aws_eip",
                    "depends_on": [],
                    "primary": {
                        "id": "eipalloc-bc1a5dd8",
                        "attributes": {
                            "association_id": "eipassoc-6e62a352",
                            "domain": "vpc",
                            "id": "eipalloc-bc1a5dd8",
                            "instance": "i-03808ec398fae5172",
                            "network_interface": "eni-ab0c0087",
                            "private_ip": "10.124.1.95",
                            "public_ip": "52.40.232.78",
                            "vpc": "true"
                        },
                        "meta": {},
                        "tainted": false
                    },
                    "deposed": [],
                    "provider": ""
                },
                "aws_elb.k8s_master": {
                    "type": "aws_elb",
                    "depends_on": [
                        "aws_security_group.k8s_master_instance",
                        "null_resource.k8s_cluster"
                    ],
                    "primary": {
                        "id": "pipeline-k8s-master-elb",
                        "attributes": {
                            "access_logs.#": "0",
                            "availability_zones.#": "1",
                            "availability_zones.2487133097": "us-west-2a",
                            "connection_draining": "false",
                            "connection_draining_timeout": "300",
                            "cross_zone_load_balancing": "true",
                            "dns_name": "internal-pipeline-k8s-master-elb-1853603582.us-west-2.elb.amazonaws.com",
                            "health_check.#": "1",
                            "health_check.0.healthy_threshold": "2",
                            "health_check.0.interval": "30",
                            "health_check.0.target": "TCP:443",
                            "health_check.0.timeout": "3",
                            "health_check.0.unhealthy_threshold": "2",
                            "id": "pipeline-k8s-master-elb",
                            "idle_timeout": "1800",
                            "instances.#": "1",
                            "instances.1000551333": "i-03808ec398fae5172",
                            "internal": "true",
                            "listener.#": "1",
                            "listener.610193557.instance_port": "443",
                            "listener.610193557.instance_protocol": "tcp",
                            "listener.610193557.lb_port": "443",
                            "listener.610193557.lb_protocol": "tcp",
                            "listener.610193557.ssl_certificate_id": "",
                            "name": "pipeline-k8s-master-elb",
                            "security_groups.#": "2",
                            "security_groups.4017252045": "sg-c69fe5a1",
                            "security_groups.836287663": "sg-ee86b489",
                            "source_security_group": "811034720611/pipeline-instance",
                            "source_security_group_id": "sg-c69fe5a1",
                            "subnets.#": "1",
                            "subnets.4149756770": "subnet-ada073c9",
                            "tags.%": "7",
                            "tags.Hostname": "us-west-2_jive-microservices-pipeline-master1",
                            "tags.Jive_service": "us-west-2_jive-microservices-pipeline",
                            "tags.Name": "pipeline-k8s_master-elb",
                            "tags.Pipeline_phase": "pipeline",
                            "tags.Region": "us-west-2",
                            "tags.SLA": "non-prod",
                            "tags.Service_component": "k8s-master",
                            "zone_id": "Z1H1FL5HABSF5"
                        },
                        "meta": {},
                        "tainted": false
                    },
                    "deposed": [],
                    "provider": ""
                },
                "aws_iam_instance_profile.k8s-master": {
                    "type": "aws_iam_instance_profile",
                    "depends_on": [
                        "aws_iam_role.k8s-master",
                        "null_resource.k8s_cluster"
                    ],
                    "primary": {
                        "id": "us-west-2_jive-microservices-pipeline-k8s-master-profile",
                        "attributes": {
                            "arn": "arn:aws:iam::811034720611:instance-profile/us-west-2_jive-microservices-pipeline-k8s-master-profile",
                            "id": "us-west-2_jive-microservices-pipeline-k8s-master-profile",
                            "name": "us-west-2_jive-microservices-pipeline-k8s-master-profile",
                            "path": "/",
                            "role": "us-west-2_jive-microservices-pipeline-master-role",
                            "roles.#": "1",
                            "roles.3188543242": "us-west-2_jive-microservices-pipeline-master-role",
                            "unique_id": "AIPAJOV36NK7ZELZOPPDS"
                        },
                        "meta": {},
                        "tainted": false
                    },
                    "deposed": [],
                    "provider": ""
                },
                "aws_iam_instance_profile.k8s-node": {
                    "type": "aws_iam_instance_profile",
                    "depends_on": [
                        "aws_iam_role.k8s-node",
                        "null_resource.k8s_cluster"
                    ],
                    "primary": {
                        "id": "us-west-2_jive-microservices-pipeline-k8s-node-profile",
                        "attributes": {
                            "arn": "arn:aws:iam::811034720611:instance-profile/us-west-2_jive-microservices-pipeline-k8s-node-profile",
                            "id": "us-west-2_jive-microservices-pipeline-k8s-node-profile",
                            "name": "us-west-2_jive-microservices-pipeline-k8s-node-profile",
                            "path": "/",
                            "role": "us-west-2_jive-microservices-pipeline-node-role",
                            "roles.#": "1",
                            "roles.3853626152": "us-west-2_jive-microservices-pipeline-node-role",
                            "unique_id": "AIPAIZRBQNN3Q2Q4FGAXE"
                        },
                        "meta": {},
                        "tainted": false
                    },
                    "deposed": [],
                    "provider": ""
                },
                "aws_iam_role.k8s-master": {
                    "type": "aws_iam_role",
                    "depends_on": [
                        "null_resource.k8s_cluster"
                    ],
                    "primary": {
                        "id": "us-west-2_jive-microservices-pipeline-master-role",
                        "attributes": {
                            "arn": "arn:aws:iam::811034720611:role/us-west-2_jive-microservices-pipeline-master-role",
                            "assume_role_policy": "{\"Version\":\"2012-10-17\",\"Statement\":[{\"Sid\":\"\",\"Effect\":\"Allow\",\"Principal\":{\"Service\":\"ec2.amazonaws.com\"},\"Action\":\"sts:AssumeRole\"}]}",
                            "create_date": "2016-04-28T21:23:22Z",
                            "id": "us-west-2_jive-microservices-pipeline-master-role",
                            "name": "us-west-2_jive-microservices-pipeline-master-role",
                            "path": "/",
                            "unique_id": "AROAJLIOHXILSWEGEJWVG"
                        },
                        "meta": {},
                        "tainted": false
                    },
                    "deposed": [],
                    "provider": ""
                },
                "aws_iam_role.k8s-node": {
                    "type": "aws_iam_role",
                    "depends_on": [
                        "null_resource.k8s_cluster"
                    ],
                    "primary": {
                        "id": "us-west-2_jive-microservices-pipeline-node-role",
                        "attributes": {
                            "arn": "arn:aws:iam::811034720611:role/us-west-2_jive-microservices-pipeline-node-role",
                            "assume_role_policy": "{\"Version\":\"2012-10-17\",\"Statement\":[{\"Sid\":\"\",\"Effect\":\"Allow\",\"Principal\":{\"Service\":\"ec2.amazonaws.com\"},\"Action\":\"sts:AssumeRole\"}]}",
                            "create_date": "2016-04-28T21:23:22Z",
                            "id": "us-west-2_jive-microservices-pipeline-node-role",
                            "name": "us-west-2_jive-microservices-pipeline-node-role",
                            "path": "/",
                            "unique_id": "AROAJ2ZX5YOL5PYN2YZCG"
                        },
                        "meta": {},
                        "tainted": false
                    },
                    "deposed": [],
                    "provider": ""
                },
                "aws_iam_role_policy.k8s-master": {
                    "type": "aws_iam_role_policy",
                    "depends_on": [
                        "aws_iam_role.k8s-master",
                        "null_resource.k8s_cluster"
                    ],
                    "primary": {
                        "id": "us-west-2_jive-microservices-pipeline-master-role:us-west-2_jive-microservices-pipeline-master-policy",
                        "attributes": {
                            "id": "us-west-2_jive-microservices-pipeline-master-role:us-west-2_jive-microservices-pipeline-master-policy",
                            "name": "us-west-2_jive-microservices-pipeline-master-policy",
                            "policy": "{\n    \"Version\": \"2012-10-17\",\n    \"Statement\": [\n        {\n            \"Effect\": \"Allow\",\n            \"Action\": [\"ec2:*\"],\n            \"Resource\": [\"*\"]\n        },\n        {\n            \"Effect\": \"Allow\",\n            \"Action\": [\"elasticloadbalancing:*\"],\n            \"Resource\": [\"*\"]\n        },\n        {\n            \"Effect\": \"Allow\",\n            \"Action\": [\n                \"ec2:Describe*\",\n                \"ec2:AttachVolume\",\n                \"ec2:DetachVolume\",\n                \"route53:ListHostedZones\",\n                \"route53:ListResourceRecordSets\",\n                \"rds:Describe*\",\n                \"elasticache:Describe*\",\n                \"s3:GetObject\",\n                \"s3:PutObject\",\n                \"s3:ListAllMyBuckets\",\n                \"s3:ListBucket\",\n                \"s3:GetBucketLocation\"\n            ],\n            \"Resource\": \"*\"\n        }\n    ]\n}\n",
                            "role": "us-west-2_jive-microservices-pipeline-master-role"
                        },
                        "meta": {},
                        "tainted": false
                    },
                    "deposed": [],
                    "provider": ""
                },
                "aws_iam_role_policy.k8s-node": {
                    "type": "aws_iam_role_policy",
                    "depends_on": [
                        "aws_iam_role.k8s-node",
                        "null_resource.k8s_cluster"
                    ],
                    "primary": {
                        "id": "us-west-2_jive-microservices-pipeline-node-role:us-west-2_jive-microservices-pipeline-node-policy",
                        "attributes": {
                            "id": "us-west-2_jive-microservices-pipeline-node-role:us-west-2_jive-microservices-pipeline-node-policy",
                            "name": "us-west-2_jive-microservices-pipeline-node-policy",
                            "policy": "{\n    \"Version\": \"2012-10-17\",\n    \"Statement\": [\n        {\n            \"Effect\": \"Allow\",\n            \"Action\": [\n                \"ec2:Describe*\",\n                \"ec2:AttachVolume\",\n                \"ec2:DetachVolume\",\n                \"ec2:AttachNetworkInterface\",\n                \"ec2:DetachNetworkInterface\",\n                \"route53:ListHostedZones\",\n                \"route53:ListResourceRecordSets\",\n                \"rds:Describe*\",\n                \"elasticache:Describe*\",\n                \"s3:GetObject\",\n                \"s3:ListAllMyBuckets\",\n                \"s3:ListBucket\",\n                \"s3:PutObject\",\n                \"s3:CreateBucket\",\n                \"s3:GetBucketLocation\"\n            ],\n            \"Resource\": \"*\"\n        }\n    ]\n}\n",
                            "role": "us-west-2_jive-microservices-pipeline-node-role"
                        },
                        "meta": {},
                        "tainted": false
                    },
                    "deposed": [],
                    "provider": ""
                },
                "aws_launch_configuration.k8s_etcd": {
                    "type": "aws_launch_configuration",
                    "depends_on": [],
                    "primary": {
                        "id": "terraform-002df1ec7475572110eb02447e",
                        "attributes": {
                            "associate_public_ip_address": "false",
                            "ebs_block_device.#": "0",
                            "ebs_optimized": "false",
                            "enable_monitoring": "true",
                            "ephemeral_block_device.#": "0",
                            "iam_instance_profile": "us-west-2_jive-microservices-pipeline-k8s-node-profile",
                            "id": "terraform-002df1ec7475572110eb02447e",
                            "image_id": "ami-9f46e7ff",
                            "instance_type": "t2.medium",
                            "key_name": "plops-ms-pipeline-k8s",
                            "name": "terraform-002df1ec7475572110eb02447e",
                            "root_block_device.#": "1",
                            "root_block_device.0.delete_on_termination": "true",
                            "root_block_device.0.iops": "0",
                            "root_block_device.0.volume_size": "20",
                            "root_block_device.0.volume_type": "gp2",
                            "security_groups.#": "2",
                            "security_groups.2282649789": "sg-e886b48f",
                            "security_groups.4017252045": "sg-c69fe5a1",
                            "spot_price": "",
                            "user_data": "07972bfe0353fe5d07c69337b5a3a16c794df3ab",
                            "vpc_classic_link_id": "",
                            "vpc_classic_link_security_groups.#": "0"
                        },
                        "meta": {},
                        "tainted": false
                    },
                    "deposed": [],
                    "provider": ""
                },
                "aws_launch_configuration.k8s_master": {
                    "type": "aws_launch_configuration",
                    "depends_on": [],
                    "primary": {
                        "id": "terraform-002df1ec7475572110eb02447d",
                        "attributes": {
                            "associate_public_ip_address": "false",
                            "ebs_block_device.#": "0",
                            "ebs_optimized": "false",
                            "enable_monitoring": "true",
                            "ephemeral_block_device.#": "0",
                            "iam_instance_profile": "us-west-2_jive-microservices-pipeline-k8s-master-profile",
                            "id": "terraform-002df1ec7475572110eb02447d",
                            "image_id": "ami-9f46e7ff",
                            "instance_type": "r4.xlarge",
                            "key_name": "plops-ms-pipeline-k8s",
                            "name": "terraform-002df1ec7475572110eb02447d",
                            "root_block_device.#": "1",
                            "root_block_device.0.delete_on_termination": "true",
                            "root_block_device.0.iops": "0",
                            "root_block_device.0.volume_size": "100",
                            "root_block_device.0.volume_type": "gp2",
                            "security_groups.#": "2",
                            "security_groups.4017252045": "sg-c69fe5a1",
                            "security_groups.836287663": "sg-ee86b489",
                            "spot_price": "",
                            "user_data": "07972bfe0353fe5d07c69337b5a3a16c794df3ab",
                            "vpc_classic_link_id": "",
                            "vpc_classic_link_security_groups.#": "0"
                        },
                        "meta": {},
                        "tainted": false
                    },
                    "deposed": [],
                    "provider": ""
                },
                "aws_launch_configuration.k8s_worker": {
                    "type": "aws_launch_configuration",
                    "depends_on": [],
                    "primary": {
                        "id": "terraform-002df1ec7475572110eb02447c",
                        "attributes": {
                            "associate_public_ip_address": "false",
                            "ebs_block_device.#": "0",
                            "ebs_optimized": "false",
                            "enable_monitoring": "true",
                            "ephemeral_block_device.#": "0",
                            "iam_instance_profile": "us-west-2_jive-microservices-pipeline-k8s-node-profile",
                            "id": "terraform-002df1ec7475572110eb02447c",
                            "image_id": "ami-9f46e7ff",
                            "instance_type": "m4.4xlarge",
                            "key_name": "plops-ms-pipeline-k8s",
                            "name": "terraform-002df1ec7475572110eb02447c",
                            "root_block_device.#": "1",
                            "root_block_device.0.delete_on_termination": "true",
                            "root_block_device.0.iops": "0",
                            "root_block_device.0.volume_size": "50",
                            "root_block_device.0.volume_type": "gp2",
                            "security_groups.#": "2",
                            "security_groups.4017252045": "sg-c69fe5a1",
                            "security_groups.4062146269": "sg-ed86b48a",
                            "spot_price": "",
                            "user_data": "07972bfe0353fe5d07c69337b5a3a16c794df3ab",
                            "vpc_classic_link_id": "",
                            "vpc_classic_link_security_groups.#": "0"
                        },
                        "meta": {},
                        "tainted": false
                    },
                    "deposed": [],
                    "provider": ""
                },
                "aws_network_interface.k8s_etcd.0": {
                    "type": "aws_network_interface",
                    "depends_on": [
                        "aws_security_group.k8s_etcd_instance",
                        "data.aws_subnet.natdc",
                        "null_resource.k8s_cluster"
                    ],
                    "primary": {
                        "id": "eni-bffbeec4",
                        "attributes": {
                            "attachment.#": "1",
                            "attachment.1925656786.attachment_id": "eni-attach-28efcec3",
                            "attachment.1925656786.device_index": "1",
                            "attachment.1925656786.instance": "i-041e813afd4ddff64",
                            "description": "",
                            "id": "eni-bffbeec4",
                            "private_ip": "10.124.0.30",
                            "private_ips.#": "1",
                            "private_ips.661130152": "10.124.0.30",
                            "security_groups.#": "2",
                            "security_groups.2282649789": "sg-e886b48f",
                            "security_groups.4017252045": "sg-c69fe5a1",
                            "source_dest_check": "true",
                            "subnet_id": "subnet-ada073c9",
                            "tags.%": "8",
                            "tags.Hostname": "us-west-2_jive-microservices-pipeline-etcd1",
                            "tags.Jive_service": "us-west-2_jive-microservices-pipeline",
                            "tags.KubernetesCluster": "us-west-2_jive-microservices-pipeline",
                            "tags.Name": "pipeline-k8s-etcd-instance",
                            "tags.Pipeline_phase": "pipeline",
                            "tags.Region": "us-west-2",
                            "tags.SLA": "non-prod",
                            "tags.Service_component": "k8s-etcd"
                        },
                        "meta": {},
                        "tainted": false
                    },
                    "deposed": [],
                    "provider": ""
                },
                "aws_network_interface.k8s_etcd.1": {
                    "type": "aws_network_interface",
                    "depends_on": [
                        "aws_security_group.k8s_etcd_instance",
                        "data.aws_subnet.natdc",
                        "null_resource.k8s_cluster"
                    ],
                    "primary": {
                        "id": "eni-fe30e0b3",
                        "attributes": {
                            "attachment.#": "1",
                            "attachment.1002962291.attachment_id": "eni-attach-a171d74d",
                            "attachment.1002962291.device_index": "1",
                            "attachment.1002962291.instance": "i-09b1a2193eb73fd85",
                            "description": "",
                            "id": "eni-fe30e0b3",
                            "private_ip": "10.124.5.202",
                            "private_ips.#": "1",
                            "private_ips.199039131": "10.124.5.202",
                            "security_groups.#": "2",
                            "security_groups.2282649789": "sg-e886b48f",
                            "security_groups.4017252045": "sg-c69fe5a1",
                            "source_dest_check": "true",
                            "subnet_id": "subnet-97fb0fe1",
                            "tags.%": "8",
                            "tags.Hostname": "us-west-2_jive-microservices-pipeline-etcd2",
                            "tags.Jive_service": "us-west-2_jive-microservices-pipeline",
                            "tags.KubernetesCluster": "us-west-2_jive-microservices-pipeline",
                            "tags.Name": "pipeline-k8s-etcd-instance",
                            "tags.Pipeline_phase": "pipeline",
                            "tags.Region": "us-west-2",
                            "tags.SLA": "non-prod",
                            "tags.Service_component": "k8s-etcd"
                        },
                        "meta": {},
                        "tainted": false
                    },
                    "deposed": [],
                    "provider": ""
                },
                "aws_network_interface.k8s_etcd.2": {
                    "type": "aws_network_interface",
                    "depends_on": [
                        "aws_security_group.k8s_etcd_instance",
                        "data.aws_subnet.natdc",
                        "null_resource.k8s_cluster"
                    ],
                    "primary": {
                        "id": "eni-21d4df7c",
                        "attributes": {
                            "attachment.#": "1",
                            "attachment.294425678.attachment_id": "eni-attach-9713c072",
                            "attachment.294425678.device_index": "1",
                            "attachment.294425678.instance": "i-0acc3f1dedcfb51ad",
                            "description": "",
                            "id": "eni-21d4df7c",
                            "private_ip": "10.124.10.98",
                            "private_ips.#": "1",
                            "private_ips.1789957812": "10.124.10.98",
                            "security_groups.#": "2",
                            "security_groups.2282649789": "sg-e886b48f",
                            "security_groups.4017252045": "sg-c69fe5a1",
                            "source_dest_check": "true",
                            "subnet_id": "subnet-ace1e0f5",
                            "tags.%": "8",
                            "tags.Hostname": "us-west-2_jive-microservices-pipeline-etcd3",
                            "tags.Jive_service": "us-west-2_jive-microservices-pipeline",
                            "tags.KubernetesCluster": "us-west-2_jive-microservices-pipeline",
                            "tags.Name": "pipeline-k8s-etcd-instance",
                            "tags.Pipeline_phase": "pipeline",
                            "tags.Region": "us-west-2",
                            "tags.SLA": "non-prod",
                            "tags.Service_component": "k8s-etcd"
                        },
                        "meta": {},
                        "tainted": false
                    },
                    "deposed": [],
                    "provider": ""
                },
                "aws_network_interface.k8s_etcd.3": {
                    "type": "aws_network_interface",
                    "depends_on": [
                        "aws_security_group.k8s_etcd_instance",
                        "data.aws_subnet.natdc",
                        "null_resource.k8s_cluster"
                    ],
                    "primary": {
                        "id": "eni-39ab4b49",
                        "attributes": {
                            "attachment.#": "1",
                            "attachment.3952133133.attachment_id": "eni-attach-89614062",
                            "attachment.3952133133.device_index": "1",
                            "attachment.3952133133.instance": "i-08c8d199b9b037c55",
                            "description": "",
                            "id": "eni-39ab4b49",
                            "private_ip": "10.124.1.60",
                            "private_ips.#": "1",
                            "private_ips.3802372232": "10.124.1.60",
                            "security_groups.#": "2",
                            "security_groups.2282649789": "sg-e886b48f",
                            "security_groups.4017252045": "sg-c69fe5a1",
                            "source_dest_check": "true",
                            "subnet_id": "subnet-ada073c9",
                            "tags.%": "8",
                            "tags.Hostname": "us-west-2_jive-microservices-pipeline-etcd4",
                            "tags.Jive_service": "us-west-2_jive-microservices-pipeline",
                            "tags.KubernetesCluster": "us-west-2_jive-microservices-pipeline",
                            "tags.Name": "pipeline-k8s-etcd-instance",
                            "tags.Pipeline_phase": "pipeline",
                            "tags.Region": "us-west-2",
                            "tags.SLA": "non-prod",
                            "tags.Service_component": "k8s-etcd"
                        },
                        "meta": {},
                        "tainted": false
                    },
                    "deposed": [],
                    "provider": ""
                },
                "aws_network_interface.k8s_etcd.4": {
                    "type": "aws_network_interface",
                    "depends_on": [
                        "aws_security_group.k8s_etcd_instance",
                        "data.aws_subnet.natdc",
                        "null_resource.k8s_cluster"
                    ],
                    "primary": {
                        "id": "eni-06325445",
                        "attributes": {
                            "attachment.#": "1",
                            "attachment.1527019860.attachment_id": "eni-attach-f627811a",
                            "attachment.1527019860.device_index": "1",
                            "attachment.1527019860.instance": "i-0ef70bba5f112c7fb",
                            "description": "",
                            "id": "eni-06325445",
                            "private_ip": "10.124.7.5",
                            "private_ips.#": "1",
                            "private_ips.2299314647": "10.124.7.5",
                            "security_groups.#": "2",
                            "security_groups.2282649789": "sg-e886b48f",
                            "security_groups.4017252045": "sg-c69fe5a1",
                            "source_dest_check": "true",
                            "subnet_id": "subnet-97fb0fe1",
                            "tags.%": "8",
                            "tags.Hostname": "us-west-2_jive-microservices-pipeline-etcd5",
                            "tags.Jive_service": "us-west-2_jive-microservices-pipeline",
                            "tags.KubernetesCluster": "us-west-2_jive-microservices-pipeline",
                            "tags.Name": "pipeline-k8s-etcd-instance",
                            "tags.Pipeline_phase": "pipeline",
                            "tags.Region": "us-west-2",
                            "tags.SLA": "non-prod",
                            "tags.Service_component": "k8s-etcd"
                        },
                        "meta": {},
                        "tainted": false
                    },
                    "deposed": [],
                    "provider": ""
                },
                "aws_network_interface.k8s_etcd.5": {
                    "type": "aws_network_interface",
                    "depends_on": [
                        "aws_security_group.k8s_etcd_instance",
                        "data.aws_subnet.natdc",
                        "null_resource.k8s_cluster"
                    ],
                    "primary": {
                        "id": "eni-4cdee11c",
                        "attributes": {
                            "attachment.#": "1",
                            "attachment.3430360143.attachment_id": "eni-attach-6b3cef8e",
                            "attachment.3430360143.device_index": "1",
                            "attachment.3430360143.instance": "i-0ac0b18a9bb9ac333",
                            "description": "",
                            "id": "eni-4cdee11c",
                            "private_ip": "10.124.8.11",
                            "private_ips.#": "1",
                            "private_ips.2817356115": "10.124.8.11",
                            "security_groups.#": "2",
                            "security_groups.2282649789": "sg-e886b48f",
                            "security_groups.4017252045": "sg-c69fe5a1",
                            "source_dest_check": "true",
                            "subnet_id": "subnet-ace1e0f5",
                            "tags.%": "8",
                            "tags.Hostname": "us-west-2_jive-microservices-pipeline-etcd6",
                            "tags.Jive_service": "us-west-2_jive-microservices-pipeline",
                            "tags.KubernetesCluster": "us-west-2_jive-microservices-pipeline",
                            "tags.Name": "pipeline-k8s-etcd-instance",
                            "tags.Pipeline_phase": "pipeline",
                            "tags.Region": "us-west-2",
                            "tags.SLA": "non-prod",
                            "tags.Service_component": "k8s-etcd"
                        },
                        "meta": {},
                        "tainted": false
                    },
                    "deposed": [],
                    "provider": ""
                },
                "aws_s3_bucket.logging": {
                    "type": "aws_s3_bucket",
                    "depends_on": [
                        "data.aws_iam_policy_document.logging"
                    ],
                    "primary": {
                        "id": "us-west-2-jive-microservices-pipeline-logs",
                        "attributes": {
                            "acceleration_status": "",
                            "acl": "private",
                            "arn": "arn:aws:s3:::us-west-2-jive-microservices-pipeline-logs",
                            "bucket": "us-west-2-jive-microservices-pipeline-logs",
                            "bucket_domain_name": "us-west-2-jive-microservices-pipeline-logs.s3.amazonaws.com",
                            "force_destroy": "false",
                            "hosted_zone_id": "Z3BJ6K6RIION7M",
                            "id": "us-west-2-jive-microservices-pipeline-logs",
                            "logging.#": "0",
                            "policy": "{\"Statement\":[{\"Action\":\"s3:PutObject\",\"Effect\":\"Allow\",\"Principal\":{\"AWS\":[\"arn:aws:iam::811034720611:role/us-west-2_jive-microservices-pipeline-master-role\",\"arn:aws:iam::811034720611:role/us-west-2_jive-microservices-pipeline-node-role\"]},\"Resource\":\"arn:aws:s3:::us-west-2-jive-microservices-pipeline-logs/*\",\"Sid\":\"Logs\"}],\"Version\":\"2012-10-17\"}",
                            "region": "us-west-2",
                            "request_payer": "BucketOwner",
                            "tags.%": "5",
                            "tags.KubernetesCluster": "us-west-2_jive-microservices-pipeline",
                            "tags.Name": "us-west-2-jive-microservices-pipeline-logs",
                            "tags.pipeline_phase": "pipeline",
                            "tags.region": "us-west-2",
                            "tags.service_component": "logs",
                            "versioning.#": "1",
                            "versioning.0.enabled": "false",
                            "versioning.0.mfa_delete": "false",
                            "website.#": "0"
                        },
                        "meta": {},
                        "tainted": false
                    },
                    "deposed": [],
                    "provider": ""
                },
                "aws_security_group.k8s_etcd_instance": {
                    "type": "aws_security_group",
                    "depends_on": [
                        "aws_security_group.k8s_master_instance",
                        "aws_security_group.k8s_worker_instance",
                        "null_resource.k8s_cluster"
                    ],
                    "primary": {
                        "id": "sg-e886b48f",
                        "attributes": {
                            "description": "Access to K8S etcd nodes",
                            "egress.#": "0",
                            "id": "sg-e886b48f",
                            "ingress.#": "3",
                            "ingress.3461041315.cidr_blocks.#": "0",
                            "ingress.3461041315.from_port": "2379",
                            "ingress.3461041315.ipv6_cidr_blocks.#": "0",
                            "ingress.3461041315.protocol": "tcp",
                            "ingress.3461041315.security_groups.#": "2",
                            "ingress.3461041315.security_groups.4062146269": "sg-ed86b48a",
                            "ingress.3461041315.security_groups.836287663": "sg-ee86b489",
                            "ingress.3461041315.self": "true",
                            "ingress.3461041315.to_port": "2379",
                            "ingress.3929677369.cidr_blocks.#": "0",
                            "ingress.3929677369.from_port": "2380",
                            "ingress.3929677369.ipv6_cidr_blocks.#": "0",
                            "ingress.3929677369.protocol": "tcp",
                            "ingress.3929677369.security_groups.#": "2",
                            "ingress.3929677369.security_groups.4062146269": "sg-ed86b48a",
                            "ingress.3929677369.security_groups.836287663": "sg-ee86b489",
                            "ingress.3929677369.self": "true",
                            "ingress.3929677369.to_port": "2380",
                            "ingress.648057839.cidr_blocks.#": "0",
                            "ingress.648057839.from_port": "2379",
                            "ingress.648057839.ipv6_cidr_blocks.#": "0",
                            "ingress.648057839.protocol": "tcp",
                            "ingress.648057839.security_groups.#": "1",
                            "ingress.648057839.security_groups.1263741703": "sg-ae2662d5",
                            "ingress.648057839.self": "false",
                            "ingress.648057839.to_port": "2380",
                            "name": "us-west-2_jive-microservices-pipeline-kubernetes-etcd-instance",
                            "owner_id": "811034720611",
                            "tags.%": "6",
                            "tags.Name": "us-west-2_jive-microservices-pipeline-etcd-instance",
                            "tags.jive_service": "k8s",
                            "tags.pipeline_phase": "pipeline",
                            "tags.region": "us-west-2",
                            "tags.service_component": "k8s-etcd",
                            "tags.sla": "non-prod",
                            "vpc_id": "vpc-895e96ed"
                        },
                        "meta": {},
                        "tainted": false
                    },
                    "deposed": [],
                    "provider": ""
                },
                "aws_security_group.k8s_master_instance": {
                    "type": "aws_security_group",
                    "depends_on": [
                        "null_resource.k8s_cluster"
                    ],
                    "primary": {
                        "id": "sg-ee86b489",
                        "attributes": {
                            "description": "Access to K8S Master nodes",
                            "egress.#": "0",
                            "id": "sg-ee86b489",
                            "ingress.#": "4",
                            "ingress.1558463729.cidr_blocks.#": "0",
                            "ingress.1558463729.from_port": "8472",
                            "ingress.1558463729.ipv6_cidr_blocks.#": "0",
                            "ingress.1558463729.protocol": "udp",
                            "ingress.1558463729.security_groups.#": "1",
                            "ingress.1558463729.security_groups.1263741703": "sg-ae2662d5",
                            "ingress.1558463729.self": "false",
                            "ingress.1558463729.to_port": "8472",
                            "ingress.1898255043.cidr_blocks.#": "0",
                            "ingress.1898255043.from_port": "0",
                            "ingress.1898255043.ipv6_cidr_blocks.#": "0",
                            "ingress.1898255043.protocol": "-1",
                            "ingress.1898255043.security_groups.#": "1",
                            "ingress.1898255043.security_groups.4062146269": "sg-ed86b48a",
                            "ingress.1898255043.self": "false",
                            "ingress.1898255043.to_port": "0",
                            "ingress.2885713073.cidr_blocks.#": "1",
                            "ingress.2885713073.cidr_blocks.0": "10.0.0.0/8",
                            "ingress.2885713073.from_port": "8080",
                            "ingress.2885713073.ipv6_cidr_blocks.#": "0",
                            "ingress.2885713073.protocol": "tcp",
                            "ingress.2885713073.security_groups.#": "0",
                            "ingress.2885713073.self": "true",
                            "ingress.2885713073.to_port": "8080",
                            "ingress.691539513.cidr_blocks.#": "1",
                            "ingress.691539513.cidr_blocks.0": "10.0.0.0/8",
                            "ingress.691539513.from_port": "443",
                            "ingress.691539513.ipv6_cidr_blocks.#": "0",
                            "ingress.691539513.protocol": "tcp",
                            "ingress.691539513.security_groups.#": "0",
                            "ingress.691539513.self": "true",
                            "ingress.691539513.to_port": "443",
                            "name": "us-west-2_jive-microservices-pipeline-master-instance",
                            "owner_id": "811034720611",
                            "tags.%": "6",
                            "tags.Name": "us-west-2_jive-microservices-pipeline-master-instance",
                            "tags.jive_service": "k8s",
                            "tags.pipeline_phase": "pipeline",
                            "tags.region": "us-west-2",
                            "tags.service_component": "k8s-master",
                            "tags.sla": "non-prod",
                            "vpc_id": "vpc-895e96ed"
                        },
                        "meta": {},
                        "tainted": false
                    },
                    "deposed": [],
                    "provider": ""
                },
                "aws_security_group.k8s_worker_instance": {
                    "type": "aws_security_group",
                    "depends_on": [
                        "aws_security_group.k8s_master_instance",
                        "null_resource.k8s_cluster"
                    ],
                    "primary": {
                        "id": "sg-ed86b48a",
                        "attributes": {
                            "description": "Allow traffic to K8S worker nodes",
                            "egress.#": "1",
                            "egress.2912118419.cidr_blocks.#": "1",
                            "egress.2912118419.cidr_blocks.0": "10.0.0.0/8",
                            "egress.2912118419.from_port": "0",
                            "egress.2912118419.ipv6_cidr_blocks.#": "0",
                            "egress.2912118419.prefix_list_ids.#": "0",
                            "egress.2912118419.protocol": "tcp",
                            "egress.2912118419.security_groups.#": "0",
                            "egress.2912118419.self": "false",
                            "egress.2912118419.to_port": "0",
                            "id": "sg-ed86b48a",
                            "ingress.#": "7",
                            "ingress.1558463729.cidr_blocks.#": "0",
                            "ingress.1558463729.from_port": "8472",
                            "ingress.1558463729.ipv6_cidr_blocks.#": "0",
                            "ingress.1558463729.protocol": "udp",
                            "ingress.1558463729.security_groups.#": "1",
                            "ingress.1558463729.security_groups.1263741703": "sg-ae2662d5",
                            "ingress.1558463729.self": "false",
                            "ingress.1558463729.to_port": "8472",
                            "ingress.1598337306.cidr_blocks.#": "0",
                            "ingress.1598337306.from_port": "0",
                            "ingress.1598337306.ipv6_cidr_blocks.#": "0",
                            "ingress.1598337306.protocol": "-1",
                            "ingress.1598337306.security_groups.#": "1",
                            "ingress.1598337306.security_groups.665925280": "sg-d2f0a4ab",
                            "ingress.1598337306.self": "false",
                            "ingress.1598337306.to_port": "0",
                            "ingress.1774654160.cidr_blocks.#": "0",
                            "ingress.1774654160.from_port": "0",
                            "ingress.1774654160.ipv6_cidr_blocks.#": "0",
                            "ingress.1774654160.protocol": "-1",
                            "ingress.1774654160.security_groups.#": "1",
                            "ingress.1774654160.security_groups.836287663": "sg-ee86b489",
                            "ingress.1774654160.self": "true",
                            "ingress.1774654160.to_port": "0",
                            "ingress.2822664995.cidr_blocks.#": "1",
                            "ingress.2822664995.cidr_blocks.0": "10.0.0.0/8",
                            "ingress.2822664995.from_port": "30001",
                            "ingress.2822664995.ipv6_cidr_blocks.#": "0",
                            "ingress.2822664995.protocol": "tcp",
                            "ingress.2822664995.security_groups.#": "0",
                            "ingress.2822664995.self": "false",
                            "ingress.2822664995.to_port": "32767",
                            "ingress.3158374154.cidr_blocks.#": "1",
                            "ingress.3158374154.cidr_blocks.0": "10.124.0.0/20",
                            "ingress.3158374154.from_port": "30000",
                            "ingress.3158374154.ipv6_cidr_blocks.#": "0",
                            "ingress.3158374154.protocol": "tcp",
                            "ingress.3158374154.security_groups.#": "0",
                            "ingress.3158374154.self": "false",
                            "ingress.3158374154.to_port": "32767",
                            "ingress.529637668.cidr_blocks.#": "0",
                            "ingress.529637668.from_port": "0",
                            "ingress.529637668.ipv6_cidr_blocks.#": "0",
                            "ingress.529637668.protocol": "-1",
                            "ingress.529637668.security_groups.#": "67",
                            "ingress.529637668.security_groups.1068551930": "sg-07631c7e",
                            "ingress.529637668.security_groups.1117416857": "sg-c57007a3",
                            "ingress.529637668.security_groups.1158259206": "sg-ca2666b3",
                            "ingress.529637668.security_groups.1162730718": "sg-948a07ed",
                            "ingress.529637668.security_groups.1176340517": "sg-4c06772a",
                            "ingress.529637668.security_groups.1202920782": "sg-6c97ff15",
                            "ingress.529637668.security_groups.1259221099": "sg-922a67eb",
                            "ingress.529637668.security_groups.1282735795": "sg-2932e950",
                            "ingress.529637668.security_groups.1406615413": "sg-8e1f9df7",
                            "ingress.529637668.security_groups.1495317067": "sg-a21771db",
                            "ingress.529637668.security_groups.168049014": "sg-abb014d2",
                            "ingress.529637668.security_groups.1691324374": "sg-6639591f",
                            "ingress.529637668.security_groups.1796571149": "sg-52279f2b",
                            "ingress.529637668.security_groups.1958500126": "sg-7aec8a03",
                            "ingress.529637668.security_groups.2242276468": "sg-d54620ac",
                            "ingress.529637668.security_groups.2248752460": "sg-7984f400",
                            "ingress.529637668.security_groups.2312569908": "sg-c1dc98b8",
                            "ingress.529637668.security_groups.2425687288": "sg-5382102a",
                            "ingress.529637668.security_groups.244175069": "sg-27bad55e",
                            "ingress.529637668.security_groups.2477483917": "sg-fdcc0684",
                            "ingress.529637668.security_groups.2612090674": "sg-7d1e7804",
                            "ingress.529637668.security_groups.2665827555": "sg-8db0c0f4",
                            "ingress.529637668.security_groups.2742330252": "sg-3dc18344",
                            "ingress.529637668.security_groups.275918834": "sg-c4920bbd",
                            "ingress.529637668.security_groups.2792757232": "sg-1d225764",
                            "ingress.529637668.security_groups.2853104968": "sg-6d3fa814",
                            "ingress.529637668.security_groups.291011196": "sg-91c589e8",
                            "ingress.529637668.security_groups.3026293216": "sg-c580d5bc",
                            "ingress.529637668.security_groups.3065878861": "sg-9f0965e6",
                            "ingress.529637668.security_groups.3072016036": "sg-b31d7cca",
                            "ingress.529637668.security_groups.3222668856": "sg-bd4d4ddb",
                            "ingress.529637668.security_groups.3236114828": "sg-176a156e",
                            "ingress.529637668.security_groups.3294993483": "sg-2cc18355",
                            "ingress.529637668.security_groups.341236972": "sg-8bb0c0f2",
                            "ingress.529637668.security_groups.3418492337": "sg-6a1add13",
                            "ingress.529637668.security_groups.3423625943": "sg-528b9734",
                            "ingress.529637668.security_groups.3434203789": "sg-db930aa2",
                            "ingress.529637668.security_groups.3456232088": "sg-8b0899f2",
                            "ingress.529637668.security_groups.3500010028": "sg-4cf19c35",
                            "ingress.529637668.security_groups.3501637065": "sg-08920b71",
                            "ingress.529637668.security_groups.3545771254": "sg-c85a3eb1",
                            "ingress.529637668.security_groups.3573149118": "sg-b5c55ccc",
                            "ingress.529637668.security_groups.3574444744": "sg-0e157377",
                            "ingress.529637668.security_groups.3599528303": "sg-f2ad3c8b",
                            "ingress.529637668.security_groups.3659829299": "sg-17de9a6e",
                            "ingress.529637668.security_groups.3750365352": "sg-7f367106",
                            "ingress.529637668.security_groups.3759432460": "sg-5624692f",
                            "ingress.529637668.security_groups.3790483181": "sg-d4c9b6ad",
                            "ingress.529637668.security_groups.3792437621": "sg-8b1177f2",
                            "ingress.529637668.security_groups.3819599480": "sg-15d5b86c",
                            "ingress.529637668.security_groups.3891965843": "sg-f000df89",
                            "ingress.529637668.security_groups.3915789505": "sg-dd034ea4",
                            "ingress.529637668.security_groups.393943903": "sg-62e4741b",
                            "ingress.529637668.security_groups.3998375107": "sg-f365b88a",
                            "ingress.529637668.security_groups.4019948095": "sg-d089f3a9",
                            "ingress.529637668.security_groups.4215247558": "sg-ad0944d4",
                            "ingress.529637668.security_groups.4219670642": "sg-951f9dec",
                            "ingress.529637668.security_groups.4256460942": "sg-73e4740a",
                            "ingress.529637668.security_groups.4278000731": "sg-db3be4a2",
                            "ingress.529637668.security_groups.42816060": "sg-9b1905fd",
                            "ingress.529637668.security_groups.510540788": "sg-d77001b1",
                            "ingress.529637668.security_groups.546977347": "sg-bbd4a6c2",
                            "ingress.529637668.security_groups.585036439": "sg-e658ff9f",
                            "ingress.529637668.security_groups.708633056": "sg-cd2b6eb4",
                            "ingress.529637668.security_groups.79063616": "sg-c31264ba",
                            "ingress.529637668.security_groups.851432146": "sg-62371104",
                            "ingress.529637668.security_groups.959306457": "sg-7ffa2506",
                            "ingress.529637668.self": "false",
                            "ingress.529637668.to_port": "0",
                            "ingress.977154654.cidr_blocks.#": "0",
                            "ingress.977154654.from_port": "0",
                            "ingress.977154654.ipv6_cidr_blocks.#": "0",
                            "ingress.977154654.protocol": "-1",
                            "ingress.977154654.security_groups.#": "3",
                            "ingress.977154654.security_groups.1086117109": "sg-e0e77b99",
                            "ingress.977154654.security_groups.2179324218": "sg-86861aff",
                            "ingress.977154654.security_groups.4190514068": "sg-5f38a526",
                            "ingress.977154654.self": "false",
                            "ingress.977154654.to_port": "0",
                            "name": "us-west-2_jive-microservices-pipeline-worker-instance",
                            "owner_id": "811034720611",
                            "tags.%": "7",
                            "tags.KubernetesCluster": "us-west-2_jive-microservices-pipeline",
                            "tags.Name": "us-west-2_jive-microservices-pipeline-worker-instance",
                            "tags.jive_service": "k8s",
                            "tags.pipeline_phase": "pipeline",
                            "tags.region": "us-west-2",
                            "tags.service_component": "k8s-worker",
                            "tags.sla": "non-prod",
                            "vpc_id": "vpc-895e96ed"
                        },
                        "meta": {},
                        "tainted": false
                    },
                    "deposed": [],
                    "provider": ""
                },
                "aws_security_group_rule.k8s_master_instance": {
                    "type": "aws_security_group_rule",
                    "depends_on": [
                        "aws_security_group.k8s_master_instance",
                        "aws_security_group.k8s_worker_instance"
                    ],
                    "primary": {
                        "id": "sgrule-394093479",
                        "attributes": {
                            "cidr_blocks.#": "0",
                            "from_port": "0",
                            "id": "sgrule-394093479",
                            "ipv6_cidr_blocks.#": "0",
                            "prefix_list_ids.#": "0",
                            "protocol": "-1",
                            "security_group_id": "sg-ee86b489",
                            "self": "false",
                            "source_security_group_id": "sg-ed86b48a",
                            "to_port": "0",
                            "type": "ingress"
                        },
                        "meta": {
                            "schema_version": "2"
                        },
                        "tainted": false
                    },
                    "deposed": [],
                    "provider": ""
                },
                "aws_security_group_rule.k8s_worker_instance": {
                    "type": "aws_security_group_rule",
                    "depends_on": [
                        "aws_security_group.k8s_worker_instance"
                    ],
                    "primary": {
                        "id": "sgrule-40774652",
                        "attributes": {
                            "cidr_blocks.#": "1",
                            "cidr_blocks.0": "10.124.0.0/20",
                            "from_port": "30000",
                            "id": "sgrule-40774652",
                            "ipv6_cidr_blocks.#": "0",
                            "prefix_list_ids.#": "0",
                            "protocol": "tcp",
                            "security_group_id": "sg-ed86b48a",
                            "self": "false",
                            "to_port": "32767",
                            "type": "ingress"
                        },
                        "meta": {
                            "schema_version": "2"
                        },
                        "tainted": false
                    },
                    "deposed": [],
                    "provider": ""
                },
                "data.aws_availability_zones.available": {
                    "type": "aws_availability_zones",
                    "depends_on": [],
                    "primary": {
                        "id": "2017-08-10 17:41:33.847363941 +0000 UTC",
                        "attributes": {
                            "id": "2017-08-10 17:41:33.847363941 +0000 UTC",
                            "names.#": "3",
                            "names.0": "us-west-2a",
                            "names.1": "us-west-2b",
                            "names.2": "us-west-2c"
                        },
                        "meta": {},
                        "tainted": false
                    },
                    "deposed": [],
                    "provider": ""
                },
                "data.aws_iam_policy_document.logging": {
                    "type": "aws_iam_policy_document",
                    "depends_on": [
                        "aws_iam_role.k8s-master",
                        "aws_iam_role.k8s-node"
                    ],
                    "primary": {
                        "id": "3309800837",
                        "attributes": {
                            "id": "3309800837",
                            "json": "{\n  \"Version\": \"2012-10-17\",\n  \"Statement\": [\n    {\n      \"Sid\": \"Logs\",\n      \"Effect\": \"Allow\",\n      \"Action\": \"s3:PutObject\",\n      \"Resource\": \"arn:aws:s3:::us-west-2-jive-microservices-pipeline-logs/*\",\n      \"Principal\": {\n        \"AWS\": [\n          \"arn:aws:iam::811034720611:role/us-west-2_jive-microservices-pipeline-node-role\",\n          \"arn:aws:iam::811034720611:role/us-west-2_jive-microservices-pipeline-master-role\"\n        ]\n      }\n    }\n  ]\n}",
                            "statement.#": "1",
                            "statement.0.actions.#": "1",
                            "statement.0.actions.315547055": "s3:PutObject",
                            "statement.0.condition.#": "0",
                            "statement.0.effect": "Allow",
                            "statement.0.not_actions.#": "0",
                            "statement.0.not_principals.#": "0",
                            "statement.0.not_resources.#": "0",
                            "statement.0.principals.#": "1",
                            "statement.0.principals.176850902.identifiers.#": "2",
                            "statement.0.principals.176850902.identifiers.1837423553": "arn:aws:iam::811034720611:role/us-west-2_jive-microservices-pipeline-node-role",
                            "statement.0.principals.176850902.identifiers.300896822": "arn:aws:iam::811034720611:role/us-west-2_jive-microservices-pipeline-master-role",
                            "statement.0.principals.176850902.type": "AWS",
                            "statement.0.resources.#": "1",
                            "statement.0.resources.1854463836": "arn:aws:s3:::us-west-2-jive-microservices-pipeline-logs/*",
                            "statement.0.sid": "Logs"
                        },
                        "meta": {},
                        "tainted": false
                    },
                    "deposed": [],
                    "provider": ""
                },
                "data.aws_subnet.natdc.0": {
                    "type": "aws_subnet",
                    "depends_on": [
                        "data.aws_availability_zones.available"
                    ],
                    "primary": {
                        "id": "subnet-ada073c9",
                        "attributes": {
                            "assign_ipv6_address_on_creation": "false",
                            "availability_zone": "us-west-2a",
                            "cidr_block": "10.124.0.0/22",
                            "default_for_az": "false",
                            "id": "subnet-ada073c9",
                            "map_public_ip_on_launch": "false",
                            "state": "available",
                            "tags.%": "7",
                            "tags.KubernetesCluster": "us-west-2_jive-microservices-pipeline",
                            "tags.Name": "pipeline-natdc-subnet",
                            "tags.account_name": "jive-microservices-pipeline",
                            "tags.kubernetes.io/role/internal-elb": "us-west-2_jive-microservices-pipeline",
                            "tags.pipeline_phase": "pipeline",
                            "tags.region": "us-west-2",
                            "tags.sla": "non-prod",
                            "vpc_id": "vpc-895e96ed"
                        },
                        "meta": {},
                        "tainted": false
                    },
                    "deposed": [],
                    "provider": ""
                },
                "data.aws_subnet.natdc.1": {
                    "type": "aws_subnet",
                    "depends_on": [
                        "data.aws_availability_zones.available"
                    ],
                    "primary": {
                        "id": "subnet-97fb0fe1",
                        "attributes": {
                            "assign_ipv6_address_on_creation": "false",
                            "availability_zone": "us-west-2b",
                            "cidr_block": "10.124.4.0/22",
                            "default_for_az": "false",
                            "id": "subnet-97fb0fe1",
                            "map_public_ip_on_launch": "false",
                            "state": "available",
                            "tags.%": "7",
                            "tags.KubernetesCluster": "us-west-2_jive-microservices-pipeline",
                            "tags.Name": "pipeline-natdc-subnet",
                            "tags.account_name": "jive-microservices-pipeline",
                            "tags.kubernetes.io/role/internal-elb": "us-west-2_jive-microservices-pipeline",
                            "tags.pipeline_phase": "pipeline",
                            "tags.region": "us-west-2",
                            "tags.sla": "non-prod",
                            "vpc_id": "vpc-895e96ed"
                        },
                        "meta": {},
                        "tainted": false
                    },
                    "deposed": [],
                    "provider": ""
                },
                "data.aws_subnet.natdc.2": {
                    "type": "aws_subnet",
                    "depends_on": [
                        "data.aws_availability_zones.available"
                    ],
                    "primary": {
                        "id": "subnet-ace1e0f5",
                        "attributes": {
                            "assign_ipv6_address_on_creation": "false",
                            "availability_zone": "us-west-2c",
                            "cidr_block": "10.124.8.0/22",
                            "default_for_az": "false",
                            "id": "subnet-ace1e0f5",
                            "map_public_ip_on_launch": "false",
                            "state": "available",
                            "tags.%": "7",
                            "tags.KubernetesCluster": "us-west-2_jive-microservices-pipeline",
                            "tags.Name": "pipeline-natdc-subnet",
                            "tags.account_name": "jive-microservices-pipeline",
                            "tags.kubernetes.io/role/internal-elb": "us-west-2_jive-microservices-pipeline",
                            "tags.pipeline_phase": "pipeline",
                            "tags.region": "us-west-2",
                            "tags.sla": "non-prod",
                            "vpc_id": "vpc-895e96ed"
                        },
                        "meta": {},
                        "tainted": false
                    },
                    "deposed": [],
                    "provider": ""
                },
                "data.aws_subnet.natdc.3": {
                    "type": "aws_subnet",
                    "depends_on": [
                        "data.aws_availability_zones.available"
                    ],
                    "primary": {
                        "id": "subnet-ada073c9",
                        "attributes": {
                            "assign_ipv6_address_on_creation": "false",
                            "availability_zone": "us-west-2a",
                            "cidr_block": "10.124.0.0/22",
                            "default_for_az": "false",
                            "id": "subnet-ada073c9",
                            "map_public_ip_on_launch": "false",
                            "state": "available",
                            "tags.%": "7",
                            "tags.KubernetesCluster": "us-west-2_jive-microservices-pipeline",
                            "tags.Name": "pipeline-natdc-subnet",
                            "tags.account_name": "jive-microservices-pipeline",
                            "tags.kubernetes.io/role/internal-elb": "us-west-2_jive-microservices-pipeline",
                            "tags.pipeline_phase": "pipeline",
                            "tags.region": "us-west-2",
                            "tags.sla": "non-prod",
                            "vpc_id": "vpc-895e96ed"
                        },
                        "meta": {},
                        "tainted": false
                    },
                    "deposed": [],
                    "provider": ""
                },
                "data.aws_subnet.natdc.4": {
                    "type": "aws_subnet",
                    "depends_on": [
                        "data.aws_availability_zones.available"
                    ],
                    "primary": {
                        "id": "subnet-97fb0fe1",
                        "attributes": {
                            "assign_ipv6_address_on_creation": "false",
                            "availability_zone": "us-west-2b",
                            "cidr_block": "10.124.4.0/22",
                            "default_for_az": "false",
                            "id": "subnet-97fb0fe1",
                            "map_public_ip_on_launch": "false",
                            "state": "available",
                            "tags.%": "7",
                            "tags.KubernetesCluster": "us-west-2_jive-microservices-pipeline",
                            "tags.Name": "pipeline-natdc-subnet",
                            "tags.account_name": "jive-microservices-pipeline",
                            "tags.kubernetes.io/role/internal-elb": "us-west-2_jive-microservices-pipeline",
                            "tags.pipeline_phase": "pipeline",
                            "tags.region": "us-west-2",
                            "tags.sla": "non-prod",
                            "vpc_id": "vpc-895e96ed"
                        },
                        "meta": {},
                        "tainted": false
                    },
                    "deposed": [],
                    "provider": ""
                },
                "data.aws_subnet.natdc.5": {
                    "type": "aws_subnet",
                    "depends_on": [
                        "data.aws_availability_zones.available"
                    ],
                    "primary": {
                        "id": "subnet-ace1e0f5",
                        "attributes": {
                            "assign_ipv6_address_on_creation": "false",
                            "availability_zone": "us-west-2c",
                            "cidr_block": "10.124.8.0/22",
                            "default_for_az": "false",
                            "id": "subnet-ace1e0f5",
                            "map_public_ip_on_launch": "false",
                            "state": "available",
                            "tags.%": "7",
                            "tags.KubernetesCluster": "us-west-2_jive-microservices-pipeline",
                            "tags.Name": "pipeline-natdc-subnet",
                            "tags.account_name": "jive-microservices-pipeline",
                            "tags.kubernetes.io/role/internal-elb": "us-west-2_jive-microservices-pipeline",
                            "tags.pipeline_phase": "pipeline",
                            "tags.region": "us-west-2",
                            "tags.sla": "non-prod",
                            "vpc_id": "vpc-895e96ed"
                        },
                        "meta": {},
                        "tainted": false
                    },
                    "deposed": [],
                    "provider": ""
                },
                "data.template_file.cloud_config": {
                    "type": "template_file",
                    "depends_on": [
                        "aws_eip.k8s_master_eip",
                        "aws_elb.k8s_master",
                        "null_resource.k8s_cluster"
                    ],
                    "primary": {
                        "id": "79869c9a47d8295b36aad11fe63c65c973bfd5c5459efc3b37f7bec65fcd2d61",
                        "attributes": {
                            "id": "79869c9a47d8295b36aad11fe63c65c973bfd5c5459efc3b37f7bec65fcd2d61",
                            "rendered": "#cloud-config\ncoreos:\n  units:\n    - name: bootstrap.service\n      command: start\n      content: |\n        [Unit]\n        Requires=early-docker.service\n        After=early-docker.service\n        Description=Bootstraps the node\n        [Service]\n        Environment=\"DOCKER_HOST=unix:///var/run/early-docker.sock\"\n        Type=oneshot\n        RemainAfterExit=yes\n        ExecStart=/root/bootstrap.sh\n    - name: settimezone.service\n      command: start\n      content: |\n        [Unit]\n        Description=Set the timezone\n        [Service]\n        ExecStart=/usr/bin/timedatectl set-timezone UTC\n        RemainAfterExit=yes\n        Type=oneshot\nupdate:\n    reboot-strategy: off\nssh_authorized_keys:\n  - ssh-rsa AAAAB3NzaC1yc2EAAAADAQABAAABAQDLL9/j78fuWI5+pgZwgIns+FKiKpEtUcI8dBpLXJOhn2pQP7tF7cdhfbcNjynqZxfGsmnc1gatvR4j+UmYRIa0WFdwL8H2bhWnBrH7LLLHZzbbaN0Tbdw0MaQDDr+PFOaaBeuYHuS+wmWu+HjTcd6VGnoeKdHVpoWeo0/dbvwp0IpTEFzI/xiQ/28/hStFP5da/CXORjtvTgFAqSxU6932yZAL+MQE8MStw/xJiDKYdM4sKqzlNskFuIR0v8GDcWVMYj5bq4RQfLBbkWq1knG0GXX27m6nP/xw11swa3wmNM6dKkGCJldJqpHNkOHurtfmZb6BBOkdZ78Abz1S9RuF\nwrite_files:\n  - path: /etc/hosts\n    permissions: 0644\n    content: |\n      10.160.4.127 docker.phx1.jivehosted.com\n      10.160.70.25 pulp-slave\nwrite_files:\n  - path: /root/parse_manifest.sh\n    permissions: 0755\n    content: |\n      #!/usr/bin/bash\n      jq -c '.clusters[] | select(.clusterName == \"us-west-2_jive-microservices-pipeline\") | .ansibleImageVersion' /tmp/cluster_manifest.json\nwrite_files:\n  - path: /root/pam_workaround.sh\n    permissions: 0755\n    content: |\n      #!/usr/bin/bash\n      if [[ -d /lib/pam.d ]]; then\n        rsync -a /lib/pam.d/ /etc/pam.d/\n        sed -i '/pam_systemd.so/d' /etc/pam.d/*\n        sed -i '/pam_nologin.so/d' /etc/pam.d/*\n      fi\nwrite_files:\n  - path: /root/bootstrap.sh\n    permissions: 0755\n    content: |\n      #!/usr/bin/bash\n      #\n      if [ -f /etc/coreos/update.conf ] ; then\n        rm  /etc/coreos/update.conf\n      fi\n\n      declare -r ansible_bucket=https://s3-us-west-2.amazonaws.com/jive-ansible-coreos-jive-infra-prod-usw2\n\n      # Get cluster manifest from S3 bucket\n      curl -XGET -s \\\n      --retry 3 \\\n      --retry-delay 5 \\\n      ${ansible_bucket}/cluster_manifest.json \\\n      --output /tmp/cluster_manifest.json\n\n      # Get ansible-coreos bootstrap script from S3 bucket\n      curl -XGET -s \\\n      --retry 3 \\\n      --retry-delay 5 \\\n      ${ansible_bucket}/run-ansible-container.sh \\\n      --output /tmp/run-ansible-container.sh\n\n      declare -r docker_image=$(bash /root/parse_manifest.sh | sed 's/\"//g')\n      bash -vx /root/pam_workaround.sh\n      bash -vx /tmp/run-ansible-container.sh ${docker_image}\n\n      exit 0\n\n# MASTER_EIP_ALLOC and ELB_NAME are passed from Terraform\n#MASTER_EIP_ALLOC:eipalloc-bc1a5dd8\n",
                            "template": "#cloud-config\ncoreos:\n  units:\n    - name: bootstrap.service\n      command: start\n      content: |\n        [Unit]\n        Requires=early-docker.service\n        After=early-docker.service\n        Description=Bootstraps the node\n        [Service]\n        Environment=\"DOCKER_HOST=unix:///var/run/early-docker.sock\"\n        Type=oneshot\n        RemainAfterExit=yes\n        ExecStart=/root/bootstrap.sh\n    - name: settimezone.service\n      command: start\n      content: |\n        [Unit]\n        Description=Set the timezone\n        [Service]\n        ExecStart=/usr/bin/timedatectl set-timezone UTC\n        RemainAfterExit=yes\n        Type=oneshot\nupdate:\n    reboot-strategy: off\nssh_authorized_keys:\n  - ${COREOS_AUTHKEY}\nwrite_files:\n  - path: /etc/hosts\n    permissions: 0644\n    content: |\n      ${DOCKER_REGISTRY}\n      ${PHX_PULP}\nwrite_files:\n  - path: /root/parse_manifest.sh\n    permissions: 0755\n    content: |\n      #!/usr/bin/bash\n      jq -c '.clusters[] | select(.clusterName == \"${KubernetesCluster}\") | .ansibleImageVersion' /tmp/cluster_manifest.json\nwrite_files:\n  - path: /root/pam_workaround.sh\n    permissions: 0755\n    content: |\n      #!/usr/bin/bash\n      if [[ -d /lib/pam.d ]]; then\n        rsync -a /lib/pam.d/ /etc/pam.d/\n        sed -i '/pam_systemd.so/d' /etc/pam.d/*\n        sed -i '/pam_nologin.so/d' /etc/pam.d/*\n      fi\nwrite_files:\n  - path: /root/bootstrap.sh\n    permissions: 0755\n    content: |\n      #!/usr/bin/bash\n      #\n      if [ -f /etc/coreos/update.conf ] ; then\n        rm  /etc/coreos/update.conf\n      fi\n\n      declare -r ansible_bucket=${ANSIBLE_BUCKET}\n\n      # Get cluster manifest from S3 bucket\n      curl -XGET -s \\\n      --retry 3 \\\n      --retry-delay 5 \\\n      $${ansible_bucket}/cluster_manifest.json \\\n      --output /tmp/cluster_manifest.json\n\n      # Get ansible-coreos bootstrap script from S3 bucket\n      curl -XGET -s \\\n      --retry 3 \\\n      --retry-delay 5 \\\n      $${ansible_bucket}/run-ansible-container.sh \\\n      --output /tmp/run-ansible-container.sh\n\n      declare -r docker_image=$$(bash /root/parse_manifest.sh | sed 's/\"//g')\n      bash -vx /root/pam_workaround.sh\n      bash -vx /tmp/run-ansible-container.sh $${docker_image}\n\n      exit 0\n\n# MASTER_EIP_ALLOC and ELB_NAME are passed from Terraform\n#MASTER_EIP_ALLOC:${MASTER_EIP_ALLOC}\n",
                            "vars.%": "7",
                            "vars.ANSIBLE_BUCKET": "https://s3-us-west-2.amazonaws.com/jive-ansible-coreos-jive-infra-prod-usw2",
                            "vars.COREOS_AUTHKEY": "ssh-rsa AAAAB3NzaC1yc2EAAAADAQABAAABAQDLL9/j78fuWI5+pgZwgIns+FKiKpEtUcI8dBpLXJOhn2pQP7tF7cdhfbcNjynqZxfGsmnc1gatvR4j+UmYRIa0WFdwL8H2bhWnBrH7LLLHZzbbaN0Tbdw0MaQDDr+PFOaaBeuYHuS+wmWu+HjTcd6VGnoeKdHVpoWeo0/dbvwp0IpTEFzI/xiQ/28/hStFP5da/CXORjtvTgFAqSxU6932yZAL+MQE8MStw/xJiDKYdM4sKqzlNskFuIR0v8GDcWVMYj5bq4RQfLBbkWq1knG0GXX27m6nP/xw11swa3wmNM6dKkGCJldJqpHNkOHurtfmZb6BBOkdZ78Abz1S9RuF",
                            "vars.DOCKER_REGISTRY": "10.160.4.127 docker.phx1.jivehosted.com",
                            "vars.ELB_NAME": "pipeline-k8s-master-elb",
                            "vars.KubernetesCluster": "us-west-2_jive-microservices-pipeline",
                            "vars.MASTER_EIP_ALLOC": "eipalloc-bc1a5dd8",
                            "vars.PHX_PULP": "10.160.70.25 pulp-slave"
                        },
                        "meta": {},
                        "tainted": false
                    },
                    "deposed": [],
                    "provider": ""
                },
                "null_resource.k8s_cluster": {
                    "type": "null_resource",
                    "depends_on": [],
                    "primary": {
                        "id": "2144674577534616018",
                        "attributes": {
                            "id": "2144674577534616018",
                            "triggers.%": "1",
                            "triggers.name": "us-west-2_jive-microservices-pipeline"
                        },
                        "meta": {},
                        "tainted": false
                    },
                    "deposed": [],
                    "provider": ""
                }
            },
            "depends_on": []
        }
    ]
}
