{
    "version": 3,
    "terraform_version": "0.9.2",
    "serial": 8,
    "lineage": "eeb722ef-d218-4fb5-9cbb-ab0c03441fe1",
    "modules": [
        {
            "path": [
                "root"
            ],
            "outputs": {},
            "resources": {
                "aws_elb.conversation_connectors_elb": {
                    "type": "aws_elb",
                    "depends_on": [
                        "aws_instance.conversation_connector.*",
                        "aws_security_group.conversation_connectors_elb"
                    ],
                    "primary": {
                        "id": "ms-integ-gcb-connectors-elb",
                        "attributes": {
                            "access_logs.#": "0",
                            "availability_zones.#": "1",
                            "availability_zones.2487133097": "us-west-2a",
                            "connection_draining": "false",
                            "connection_draining_timeout": "300",
                            "cross_zone_load_balancing": "true",
                            "dns_name": "ms-integ-gcb-connectors-elb-1399639097.us-west-2.elb.amazonaws.com",
                            "health_check.#": "1",
                            "health_check.0.healthy_threshold": "2",
                            "health_check.0.interval": "30",
                            "health_check.0.target": "TCP:55001",
                            "health_check.0.timeout": "5",
                            "health_check.0.unhealthy_threshold": "2",
                            "id": "ms-integ-gcb-connectors-elb",
                            "idle_timeout": "1800",
                            "instances.#": "1",
                            "instances.2016658970": "i-0b1934dedf8d93466",
                            "internal": "false",
                            "listener.#": "1",
                            "listener.726219327.instance_port": "8080",
                            "listener.726219327.instance_protocol": "tcp",
                            "listener.726219327.lb_port": "443",
                            "listener.726219327.lb_protocol": "tcp",
                            "listener.726219327.ssl_certificate_id": "",
                            "name": "ms-integ-gcb-connectors-elb",
                            "security_groups.#": "1",
                            "security_groups.1762364999": "sg-02be4f78",
                            "source_security_group": "811034720611/ms-integ-conversation_connectors-elb",
                            "source_security_group_id": "sg-02be4f78",
                            "subnets.#": "1",
                            "subnets.4149756770": "subnet-ada073c9",
                            "tags.%": "5",
                            "tags.Hostname": "ms-integ-conversation-connectors.jiveprivate.com",
                            "tags.Jive_service": "conversation",
                            "tags.Name": "ms-integ-conversation-connectors-elb",
                            "tags.Pipeline_phase": "ms-integ",
                            "tags.Service_component": "connector",
                            "zone_id": "Z1H1FL5HABSF5"
                        },
                        "meta": {},
                        "tainted": false
                    },
                    "deposed": [],
                    "provider": ""
                },
                "aws_instance.conversation_connector": {
                    "type": "aws_instance",
                    "depends_on": [
                        "aws_security_group.conversation_common",
                        "aws_security_group.conversation_connector"
                    ],
                    "primary": {
                        "id": "i-0b1934dedf8d93466",
                        "attributes": {
                            "ami": "ami-d2c924b2",
                            "associate_public_ip_address": "false",
                            "availability_zone": "us-west-2a",
                            "disable_api_termination": "false",
                            "ebs_block_device.#": "0",
                            "ebs_optimized": "false",
                            "ephemeral_block_device.#": "0",
                            "iam_instance_profile": "",
                            "id": "i-0b1934dedf8d93466",
                            "instance_state": "running",
                            "instance_type": "t2.small",
                            "ipv6_address_count": "0",
                            "ipv6_addresses.#": "0",
                            "key_name": "conversation-pipeline",
                            "monitoring": "false",
                            "network_interface_id": "eni-4264da6f",
                            "private_dns": "ip-10-124-0-82.us-west-2.compute.internal",
                            "private_ip": "10.124.0.82",
                            "public_dns": "",
                            "public_ip": "",
                            "root_block_device.#": "1",
                            "root_block_device.0.delete_on_termination": "true",
                            "root_block_device.0.iops": "100",
                            "root_block_device.0.volume_size": "30",
                            "root_block_device.0.volume_type": "gp2",
                            "security_groups.#": "0",
                            "source_dest_check": "true",
                            "subnet_id": "subnet-ada073c9",
                            "tags.%": "7",
                            "tags.Jive_service": "conversation",
                            "tags.Name": "ms-integ-conversation-connector1.jiveprivate.com",
                            "tags.Node_index": "1",
                            "tags.Pipeline_phase": "ms-integ",
                            "tags.Service_component": "connector",
                            "tags.Terraform_file": "microservices/conversation/connector.tf",
                            "tags.Terraform_resource": "aws_instance.conversation_connector",
                            "tenancy": "default",
                            "vpc_security_group_ids.#": "2",
                            "vpc_security_group_ids.2881405463": "sg-feda4785",
                            "vpc_security_group_ids.3978092231": "sg-cbec19b1"
                        },
                        "meta": {
                            "schema_version": "1"
                        },
                        "tainted": false
                    },
                    "deposed": [],
                    "provider": ""
                },
                "aws_route53_record.conversation_connector": {
                    "type": "aws_route53_record",
                    "depends_on": [
                        "aws_instance.conversation.*"
                    ],
                    "primary": {
                        "id": "Z31KC7C52TU6MQ_ms-integ-conversation-connector1.jiveprivate.com_A",
                        "attributes": {
                            "fqdn": "ms-integ-conversation-connector1.jiveprivate.com",
                            "health_check_id": "",
                            "id": "Z31KC7C52TU6MQ_ms-integ-conversation-connector1.jiveprivate.com_A",
                            "name": "ms-integ-conversation-connector1.jiveprivate.com",
                            "records.#": "1",
                            "records.714257231": "10.124.0.82",
                            "set_identifier": "",
                            "ttl": "300",
                            "type": "A",
                            "zone_id": "Z31KC7C52TU6MQ"
                        },
                        "meta": {
                            "schema_version": "2"
                        },
                        "tainted": false
                    },
                    "deposed": [],
                    "provider": ""
                },
                "aws_security_group.conversation": {
                    "type": "aws_security_group",
                    "depends_on": [],
                    "primary": {
                        "id": "sg-acdb46d7",
                        "attributes": {
                            "description": "Access to rethink db",
                            "egress.#": "0",
                            "id": "sg-acdb46d7",
                            "ingress.#": "2",
                            "ingress.2532212334.cidr_blocks.#": "1",
                            "ingress.2532212334.cidr_blocks.0": "10.124.0.0/16",
                            "ingress.2532212334.from_port": "28015",
                            "ingress.2532212334.ipv6_cidr_blocks.#": "0",
                            "ingress.2532212334.protocol": "tcp",
                            "ingress.2532212334.security_groups.#": "0",
                            "ingress.2532212334.self": "false",
                            "ingress.2532212334.to_port": "28015",
                            "ingress.4138948886.cidr_blocks.#": "1",
                            "ingress.4138948886.cidr_blocks.0": "10.124.0.0/16",
                            "ingress.4138948886.from_port": "6379",
                            "ingress.4138948886.ipv6_cidr_blocks.#": "0",
                            "ingress.4138948886.protocol": "tcp",
                            "ingress.4138948886.security_groups.#": "0",
                            "ingress.4138948886.self": "false",
                            "ingress.4138948886.to_port": "6379",
                            "name": "ms-integ-conversation",
                            "owner_id": "811034720611",
                            "tags.%": "4",
                            "tags.Jive_Service": "conversation",
                            "tags.Name": "ms-integ-conversation",
                            "tags.Pipeline_Phase": "ms-integ",
                            "tags.Service_Component": "conversation",
                            "vpc_id": "vpc-895e96ed"
                        },
                        "meta": {},
                        "tainted": false
                    },
                    "deposed": [],
                    "provider": ""
                },
                "aws_security_group.conversation_common": {
                    "type": "aws_security_group",
                    "depends_on": [],
                    "primary": {
                        "id": "sg-feda4785",
                        "attributes": {
                            "description": "Common permissions",
                            "egress.#": "1",
                            "egress.482069346.cidr_blocks.#": "1",
                            "egress.482069346.cidr_blocks.0": "0.0.0.0/0",
                            "egress.482069346.from_port": "0",
                            "egress.482069346.ipv6_cidr_blocks.#": "0",
                            "egress.482069346.prefix_list_ids.#": "0",
                            "egress.482069346.protocol": "-1",
                            "egress.482069346.security_groups.#": "0",
                            "egress.482069346.self": "false",
                            "egress.482069346.to_port": "0",
                            "id": "sg-feda4785",
                            "ingress.#": "1",
                            "ingress.312269004.cidr_blocks.#": "0",
                            "ingress.312269004.from_port": "22",
                            "ingress.312269004.ipv6_cidr_blocks.#": "0",
                            "ingress.312269004.protocol": "tcp",
                            "ingress.312269004.security_groups.#": "1",
                            "ingress.312269004.security_groups.2146047144": "sg-23aad044",
                            "ingress.312269004.self": "false",
                            "ingress.312269004.to_port": "22",
                            "name": "ms-integ-conversation_common",
                            "owner_id": "811034720611",
                            "tags.%": "0",
                            "vpc_id": "vpc-895e96ed"
                        },
                        "meta": {},
                        "tainted": false
                    },
                    "deposed": [],
                    "provider": ""
                },
                "aws_security_group.conversation_connector": {
                    "type": "aws_security_group",
                    "depends_on": [],
                    "primary": {
                        "id": "sg-cbec19b1",
                        "attributes": {
                            "description": "Access to conversation connector",
                            "egress.#": "0",
                            "id": "sg-cbec19b1",
                            "ingress.#": "1",
                            "ingress.1810393153.cidr_blocks.#": "1",
                            "ingress.1810393153.cidr_blocks.0": "10.124.0.0/16",
                            "ingress.1810393153.from_port": "55001",
                            "ingress.1810393153.ipv6_cidr_blocks.#": "0",
                            "ingress.1810393153.protocol": "tcp",
                            "ingress.1810393153.security_groups.#": "0",
                            "ingress.1810393153.self": "false",
                            "ingress.1810393153.to_port": "55001",
                            "name": "ms-integ-conversation_connector",
                            "owner_id": "811034720611",
                            "tags.%": "4",
                            "tags.Jive_Service": "conversation",
                            "tags.Name": "ms-integ-conversation_connector",
                            "tags.Pipeline_Phase": "ms-integ",
                            "tags.Service_Component": "connector",
                            "vpc_id": "vpc-895e96ed"
                        },
                        "meta": {},
                        "tainted": false
                    },
                    "deposed": [],
                    "provider": ""
                },
                "aws_security_group.conversation_connectors_elb": {
                    "type": "aws_security_group",
                    "depends_on": [],
                    "primary": {
                        "id": "sg-02be4f78",
                        "attributes": {
                            "description": "Access to conversation connectors elb",
                            "egress.#": "0",
                            "id": "sg-02be4f78",
                            "ingress.#": "1",
                            "ingress.2617001939.cidr_blocks.#": "1",
                            "ingress.2617001939.cidr_blocks.0": "0.0.0.0/0",
                            "ingress.2617001939.from_port": "443",
                            "ingress.2617001939.ipv6_cidr_blocks.#": "0",
                            "ingress.2617001939.protocol": "tcp",
                            "ingress.2617001939.security_groups.#": "0",
                            "ingress.2617001939.self": "false",
                            "ingress.2617001939.to_port": "443",
                            "name": "ms-integ-conversation_connectors-elb",
                            "owner_id": "811034720611",
                            "tags.%": "4",
                            "tags.Jive_Service": "conversation",
                            "tags.Name": "ms-integ-conversation_connectors_elb",
                            "tags.Pipeline_Phase": "ms-integ",
                            "tags.Service_Component": "connectors",
                            "vpc_id": "vpc-895e96ed"
                        },
                        "meta": {},
                        "tainted": false
                    },
                    "deposed": [],
                    "provider": ""
                }
            },
            "depends_on": []
        }
    ]
}
