{
    "version": 3,
    "terraform_version": "0.7.13",
    "serial": 126,
    "lineage": "86a566d4-9da0-4411-a338-5fb4d3aa94f1",
    "modules": [
        {
            "path": [
                "root"
            ],
            "outputs": {},
            "resources": {
                "aws_ebs_volume.upena_api_i1_v0": {
                    "type": "aws_ebs_volume",
                    "depends_on": [],
                    "primary": {
                        "id": "vol-fe1b1248",
                        "attributes": {
                            "availability_zone": "us-west-2a",
                            "encrypted": "true",
                            "id": "vol-fe1b1248",
                            "kms_key_id": "arn:aws:kms:us-west-2:642745549043:key/335c504e-9c6d-4551-b5e9-ee78b6b57cf5",
                            "size": "500",
                            "snapshot_id": "",
                            "tags.%": "7",
                            "tags.Account_name": "jive-reco-pipeline",
                            "tags.Jive_service": "upena",
                            "tags.Name": "test-upena-api-i1-v0",
                            "tags.Pipeline_phase": "test",
                            "tags.Region": "us-west-2",
                            "tags.SLA": "non-prod",
                            "tags.Service_component": "upena-api",
                            "type": "st1"
                        },
                        "meta": {},
                        "tainted": false
                    },
                    "deposed": [],
                    "provider": ""
                },
                "aws_ebs_volume.upena_api_i2_v0": {
                    "type": "aws_ebs_volume",
                    "depends_on": [],
                    "primary": {
                        "id": "vol-68a4b6da",
                        "attributes": {
                            "availability_zone": "us-west-2b",
                            "encrypted": "true",
                            "id": "vol-68a4b6da",
                            "kms_key_id": "arn:aws:kms:us-west-2:642745549043:key/335c504e-9c6d-4551-b5e9-ee78b6b57cf5",
                            "size": "500",
                            "snapshot_id": "",
                            "tags.%": "7",
                            "tags.Account_name": "jive-reco-pipeline",
                            "tags.Jive_service": "upena",
                            "tags.Name": "test-upena-api-i2-v0",
                            "tags.Pipeline_phase": "test",
                            "tags.Region": "us-west-2",
                            "tags.SLA": "non-prod",
                            "tags.Service_component": "upena-api",
                            "type": "st1"
                        },
                        "meta": {},
                        "tainted": false
                    },
                    "deposed": [],
                    "provider": ""
                },
                "aws_ebs_volume.upena_api_i3_v0": {
                    "type": "aws_ebs_volume",
                    "depends_on": [],
                    "primary": {
                        "id": "vol-2a955692",
                        "attributes": {
                            "availability_zone": "us-west-2c",
                            "encrypted": "true",
                            "id": "vol-2a955692",
                            "kms_key_id": "arn:aws:kms:us-west-2:642745549043:key/335c504e-9c6d-4551-b5e9-ee78b6b57cf5",
                            "size": "500",
                            "snapshot_id": "",
                            "tags.%": "7",
                            "tags.Account_name": "jive-reco-pipeline",
                            "tags.Jive_service": "upena",
                            "tags.Name": "test-upena-api-i3-v0",
                            "tags.Pipeline_phase": "test",
                            "tags.Region": "us-west-2",
                            "tags.SLA": "non-prod",
                            "tags.Service_component": "upena-api",
                            "type": "st1"
                        },
                        "meta": {},
                        "tainted": false
                    },
                    "deposed": [],
                    "provider": ""
                },
                "aws_instance.upena_api_i1": {
                    "type": "aws_instance",
                    "depends_on": [
                        "aws_security_group.upena_api_sg"
                    ],
                    "primary": {
                        "id": "i-0437e6d6c10ae9b1b",
                        "attributes": {
                            "ami": "ami-1e299d7e",
                            "associate_public_ip_address": "false",
                            "availability_zone": "us-west-2a",
                            "disable_api_termination": "false",
                            "ebs_block_device.#": "1",
                            "ebs_block_device.2634515331.delete_on_termination": "false",
                            "ebs_block_device.2634515331.device_name": "/dev/sdd",
                            "ebs_block_device.2634515331.encrypted": "true",
                            "ebs_block_device.2634515331.iops": "0",
                            "ebs_block_device.2634515331.snapshot_id": "",
                            "ebs_block_device.2634515331.volume_size": "500",
                            "ebs_block_device.2634515331.volume_type": "st1",
                            "ebs_optimized": "true",
                            "ephemeral_block_device.#": "0",
                            "iam_instance_profile": "upena-profile",
                            "id": "i-0437e6d6c10ae9b1b",
                            "instance_state": "running",
                            "instance_type": "r4.xlarge",
                            "key_name": "reco-pipeline",
                            "monitoring": "false",
                            "network_interface_id": "eni-09ea9f79",
                            "private_dns": "ip-10-126-4-17.us-west-2.compute.internal",
                            "private_ip": "10.126.4.17",
                            "public_dns": "",
                            "public_ip": "",
                            "root_block_device.#": "1",
                            "root_block_device.0.delete_on_termination": "true",
                            "root_block_device.0.iops": "0",
                            "root_block_device.0.volume_size": "8",
                            "root_block_device.0.volume_type": "standard",
                            "security_groups.#": "0",
                            "source_dest_check": "true",
                            "subnet_id": "subnet-26f74742",
                            "tags.%": "7",
                            "tags.Account_name": "jive-reco-pipeline",
                            "tags.Jive_service": "upena",
                            "tags.Name": "test-upena-api-i1",
                            "tags.Pipeline_phase": "test",
                            "tags.Region": "us-west-2",
                            "tags.SLA": "non-prod",
                            "tags.Service_component": "upena-api",
                            "tenancy": "default",
                            "user_data": "5f6f36d2df678752c27961a68c13a4bad7211842",
                            "vpc_security_group_ids.#": "2",
                            "vpc_security_group_ids.1170305670": "sg-f5a4b192",
                            "vpc_security_group_ids.2549438520": "sg-e7369a81"
                        },
                        "meta": {
                            "schema_version": "1"
                        },
                        "tainted": false
                    },
                    "deposed": [],
                    "provider": ""
                },
                "aws_instance.upena_api_i2": {
                    "type": "aws_instance",
                    "depends_on": [
                        "aws_security_group.upena_api_sg"
                    ],
                    "primary": {
                        "id": "i-00bc31899421c4ac9",
                        "attributes": {
                            "ami": "ami-1e299d7e",
                            "associate_public_ip_address": "false",
                            "availability_zone": "us-west-2b",
                            "disable_api_termination": "false",
                            "ebs_block_device.#": "1",
                            "ebs_block_device.2634515331.delete_on_termination": "false",
                            "ebs_block_device.2634515331.device_name": "/dev/sdd",
                            "ebs_block_device.2634515331.encrypted": "true",
                            "ebs_block_device.2634515331.iops": "0",
                            "ebs_block_device.2634515331.snapshot_id": "",
                            "ebs_block_device.2634515331.volume_size": "500",
                            "ebs_block_device.2634515331.volume_type": "st1",
                            "ebs_optimized": "true",
                            "ephemeral_block_device.#": "0",
                            "iam_instance_profile": "upena-profile",
                            "id": "i-00bc31899421c4ac9",
                            "instance_state": "running",
                            "instance_type": "r4.xlarge",
                            "key_name": "reco-pipeline",
                            "monitoring": "false",
                            "network_interface_id": "eni-c528d087",
                            "private_dns": "ip-10-126-5-181.us-west-2.compute.internal",
                            "private_ip": "10.126.5.181",
                            "public_dns": "",
                            "public_ip": "",
                            "root_block_device.#": "1",
                            "root_block_device.0.delete_on_termination": "true",
                            "root_block_device.0.iops": "0",
                            "root_block_device.0.volume_size": "8",
                            "root_block_device.0.volume_type": "standard",
                            "security_groups.#": "0",
                            "source_dest_check": "true",
                            "subnet_id": "subnet-743af002",
                            "tags.%": "7",
                            "tags.Account_name": "jive-reco-pipeline",
                            "tags.Jive_service": "upena",
                            "tags.Name": "test-upena-api-i2",
                            "tags.Pipeline_phase": "test",
                            "tags.Region": "us-west-2",
                            "tags.SLA": "non-prod",
                            "tags.Service_component": "upena-api",
                            "tenancy": "default",
                            "user_data": "5f6f36d2df678752c27961a68c13a4bad7211842",
                            "vpc_security_group_ids.#": "2",
                            "vpc_security_group_ids.1170305670": "sg-f5a4b192",
                            "vpc_security_group_ids.2549438520": "sg-e7369a81"
                        },
                        "meta": {
                            "schema_version": "1"
                        },
                        "tainted": false
                    },
                    "deposed": [],
                    "provider": ""
                },
                "aws_instance.upena_api_i3": {
                    "type": "aws_instance",
                    "depends_on": [
                        "aws_security_group.upena_api_sg"
                    ],
                    "primary": {
                        "id": "i-0502774e806e548fa",
                        "attributes": {
                            "ami": "ami-1e299d7e",
                            "associate_public_ip_address": "false",
                            "availability_zone": "us-west-2c",
                            "disable_api_termination": "false",
                            "ebs_block_device.#": "1",
                            "ebs_block_device.2634515331.delete_on_termination": "false",
                            "ebs_block_device.2634515331.device_name": "/dev/sdd",
                            "ebs_block_device.2634515331.encrypted": "true",
                            "ebs_block_device.2634515331.iops": "0",
                            "ebs_block_device.2634515331.snapshot_id": "",
                            "ebs_block_device.2634515331.volume_size": "500",
                            "ebs_block_device.2634515331.volume_type": "st1",
                            "ebs_optimized": "true",
                            "ephemeral_block_device.#": "0",
                            "iam_instance_profile": "upena-profile",
                            "id": "i-0502774e806e548fa",
                            "instance_state": "running",
                            "instance_type": "r4.xlarge",
                            "key_name": "reco-pipeline",
                            "monitoring": "false",
                            "network_interface_id": "eni-e242c1b1",
                            "private_dns": "ip-10-126-6-26.us-west-2.compute.internal",
                            "private_ip": "10.126.6.26",
                            "public_dns": "",
                            "public_ip": "",
                            "root_block_device.#": "1",
                            "root_block_device.0.delete_on_termination": "true",
                            "root_block_device.0.iops": "0",
                            "root_block_device.0.volume_size": "8",
                            "root_block_device.0.volume_type": "standard",
                            "security_groups.#": "0",
                            "source_dest_check": "true",
                            "subnet_id": "subnet-c1849e98",
                            "tags.%": "7",
                            "tags.Account_name": "jive-reco-pipeline",
                            "tags.Jive_service": "upena",
                            "tags.Name": "test-upena-api-i3",
                            "tags.Pipeline_phase": "test",
                            "tags.Region": "us-west-2",
                            "tags.SLA": "non-prod",
                            "tags.Service_component": "upena-api",
                            "tenancy": "default",
                            "user_data": "5f6f36d2df678752c27961a68c13a4bad7211842",
                            "vpc_security_group_ids.#": "2",
                            "vpc_security_group_ids.1170305670": "sg-f5a4b192",
                            "vpc_security_group_ids.2549438520": "sg-e7369a81"
                        },
                        "meta": {
                            "schema_version": "1"
                        },
                        "tainted": false
                    },
                    "deposed": [],
                    "provider": ""
                },
                "aws_route53_record.upena_api_ri1": {
                    "type": "aws_route53_record",
                    "depends_on": [
                        "aws_instance.upena_api_i1"
                    ],
                    "primary": {
                        "id": "Z17UOFXP4LI2IE_test-upena-api-i1_A",
                        "attributes": {
                            "fqdn": "test-upena-api-i1.jiveprivate.com",
                            "health_check_id": "",
                            "id": "Z17UOFXP4LI2IE_test-upena-api-i1_A",
                            "name": "test-upena-api-i1",
                            "records.#": "1",
                            "records.1234225877": "10.126.4.17",
                            "set_identifier": "",
                            "ttl": "60",
                            "type": "A",
                            "zone_id": "Z17UOFXP4LI2IE"
                        },
                        "meta": {
                            "schema_version": "2"
                        },
                        "tainted": false
                    },
                    "deposed": [],
                    "provider": ""
                },
                "aws_route53_record.upena_api_ri2": {
                    "type": "aws_route53_record",
                    "depends_on": [
                        "aws_instance.upena_api_i2"
                    ],
                    "primary": {
                        "id": "Z17UOFXP4LI2IE_test-upena-api-i2_A",
                        "attributes": {
                            "fqdn": "test-upena-api-i2.jiveprivate.com",
                            "health_check_id": "",
                            "id": "Z17UOFXP4LI2IE_test-upena-api-i2_A",
                            "name": "test-upena-api-i2",
                            "records.#": "1",
                            "records.3486805081": "10.126.5.181",
                            "set_identifier": "",
                            "ttl": "60",
                            "type": "A",
                            "zone_id": "Z17UOFXP4LI2IE"
                        },
                        "meta": {
                            "schema_version": "2"
                        },
                        "tainted": false
                    },
                    "deposed": [],
                    "provider": ""
                },
                "aws_route53_record.upena_api_ri3": {
                    "type": "aws_route53_record",
                    "depends_on": [
                        "aws_instance.upena_api_i3"
                    ],
                    "primary": {
                        "id": "Z17UOFXP4LI2IE_test-upena-api-i3_A",
                        "attributes": {
                            "fqdn": "test-upena-api-i3.jiveprivate.com",
                            "health_check_id": "",
                            "id": "Z17UOFXP4LI2IE_test-upena-api-i3_A",
                            "name": "test-upena-api-i3",
                            "records.#": "1",
                            "records.3216204043": "10.126.6.26",
                            "set_identifier": "",
                            "ttl": "60",
                            "type": "A",
                            "zone_id": "Z17UOFXP4LI2IE"
                        },
                        "meta": {
                            "schema_version": "2"
                        },
                        "tainted": false
                    },
                    "deposed": [],
                    "provider": ""
                },
                "aws_security_group.upena_api_sg": {
                    "type": "aws_security_group",
                    "depends_on": [],
                    "primary": {
                        "id": "sg-e7369a81",
                        "attributes": {
                            "description": "Allows necessary communication between upena-api instances",
                            "egress.#": "0",
                            "id": "sg-e7369a81",
                            "ingress.#": "2",
                            "ingress.1251094559.cidr_blocks.#": "1",
                            "ingress.1251094559.cidr_blocks.0": "0.0.0.0/0",
                            "ingress.1251094559.from_port": "1175",
                            "ingress.1251094559.protocol": "tcp",
                            "ingress.1251094559.security_groups.#": "0",
                            "ingress.1251094559.self": "false",
                            "ingress.1251094559.to_port": "1175",
                            "ingress.3258786324.cidr_blocks.#": "1",
                            "ingress.3258786324.cidr_blocks.0": "0.0.0.0/0",
                            "ingress.3258786324.from_port": "10000",
                            "ingress.3258786324.protocol": "tcp",
                            "ingress.3258786324.security_groups.#": "0",
                            "ingress.3258786324.self": "false",
                            "ingress.3258786324.to_port": "11000",
                            "name": "test-upena-api",
                            "owner_id": "642745549043",
                            "tags.%": "7",
                            "tags.Account_name": "jive-reco-pipeline",
                            "tags.Jive_service": "upena",
                            "tags.Name": "test-upena-api",
                            "tags.Pipeline_phase": "test",
                            "tags.Region": "us-west-2",
                            "tags.SLA": "non-prod",
                            "tags.Service_component": "upena-api",
                            "vpc_id": "vpc-ea19ac8e"
                        },
                        "meta": {},
                        "tainted": false
                    },
                    "deposed": [],
                    "provider": ""
                },
                "aws_volume_attachment.upena_api_i1_av0": {
                    "type": "aws_volume_attachment",
                    "depends_on": [
                        "aws_ebs_volume.upena_api_i1_v0",
                        "aws_instance.upena_api_i1"
                    ],
                    "primary": {
                        "id": "vai-862898467",
                        "attributes": {
                            "device_name": "/dev/sdd",
                            "force_detach": "true",
                            "id": "vai-862898467",
                            "instance_id": "i-0437e6d6c10ae9b1b",
                            "volume_id": "vol-fe1b1248"
                        },
                        "meta": {},
                        "tainted": false
                    },
                    "deposed": [],
                    "provider": ""
                },
                "aws_volume_attachment.upena_api_i2_av0": {
                    "type": "aws_volume_attachment",
                    "depends_on": [
                        "aws_ebs_volume.upena_api_i2_v0",
                        "aws_instance.upena_api_i2"
                    ],
                    "primary": {
                        "id": "vai-1833601269",
                        "attributes": {
                            "device_name": "/dev/sdd",
                            "force_detach": "true",
                            "id": "vai-1833601269",
                            "instance_id": "i-00bc31899421c4ac9",
                            "volume_id": "vol-68a4b6da"
                        },
                        "meta": {},
                        "tainted": false
                    },
                    "deposed": [],
                    "provider": ""
                },
                "aws_volume_attachment.upena_api_i3_av0": {
                    "type": "aws_volume_attachment",
                    "depends_on": [
                        "aws_ebs_volume.upena_api_i3_v0",
                        "aws_instance.upena_api_i3"
                    ],
                    "primary": {
                        "id": "vai-2759550179",
                        "attributes": {
                            "device_name": "/dev/sdd",
                            "force_detach": "true",
                            "id": "vai-2759550179",
                            "instance_id": "i-0502774e806e548fa",
                            "volume_id": "vol-2a955692"
                        },
                        "meta": {},
                        "tainted": false
                    },
                    "deposed": [],
                    "provider": ""
                }
            },
            "depends_on": []
        }
    ]
}
