{
    "version": 3,
    "terraform_version": "0.9.2",
    "serial": 24,
    "lineage": "27f47519-5e6b-4b1d-92c4-f7411ffa1a65",
    "modules": [
        {
            "path": [
                "root"
            ],
            "outputs": {},
            "resources": {
                "aws_eip.natgw.0": {
                    "type": "aws_eip",
                    "depends_on": [],
                    "primary": {
                        "id": "eipalloc-d4ae1bbd",
                        "attributes": {
                            "association_id": "eipassoc-caf89aa1",
                            "domain": "vpc",
                            "id": "eipalloc-d4ae1bbd",
                            "instance": "",
                            "network_interface": "eni-381cbd57",
                            "private_ip": "10.126.167.14",
                            "public_ip": "52.29.48.49",
                            "vpc": "true"
                        },
                        "meta": {},
                        "tainted": false
                    },
                    "deposed": [],
                    "provider": ""
                },
                "aws_eip.natgw.1": {
                    "type": "aws_eip",
                    "depends_on": [],
                    "primary": {
                        "id": "eipalloc-7bc88012",
                        "attributes": {
                            "association_id": "eipassoc-f8fa9893",
                            "domain": "vpc",
                            "id": "eipalloc-7bc88012",
                            "instance": "",
                            "network_interface": "eni-f8b99886",
                            "private_ip": "10.126.167.52",
                            "public_ip": "52.59.32.8",
                            "vpc": "true"
                        },
                        "meta": {},
                        "tainted": false
                    },
                    "deposed": [],
                    "provider": ""
                },
                "aws_internet_gateway.igw": {
                    "type": "aws_internet_gateway",
                    "depends_on": [
                        "aws_vpc.main"
                    ],
                    "primary": {
                        "id": "igw-b3861dda",
                        "attributes": {
                            "id": "igw-b3861dda",
                            "tags.%": "5",
                            "tags.Name": "test-igw",
                            "tags.account_name": "jive-ps-pipeline",
                            "tags.pipeline_phase": "test",
                            "tags.region": "eu-central-1",
                            "tags.sla": "non-prod",
                            "vpc_id": "vpc-9d9ba2f4"
                        },
                        "meta": {},
                        "tainted": false
                    },
                    "deposed": [],
                    "provider": ""
                },
                "aws_nat_gateway.natgw.0": {
                    "type": "aws_nat_gateway",
                    "depends_on": [
                        "aws_eip.natgw.*",
                        "aws_internet_gateway.igw",
                        "aws_subnet.public.*"
                    ],
                    "primary": {
                        "id": "nat-07ed32c91a2fbd0c9",
                        "attributes": {
                            "allocation_id": "eipalloc-d4ae1bbd",
                            "id": "nat-07ed32c91a2fbd0c9",
                            "network_interface_id": "eni-381cbd57",
                            "private_ip": "10.126.167.14",
                            "public_ip": "52.29.48.49",
                            "subnet_id": "subnet-8cf51ce4"
                        },
                        "meta": {},
                        "tainted": false
                    },
                    "deposed": [],
                    "provider": ""
                },
                "aws_nat_gateway.natgw.1": {
                    "type": "aws_nat_gateway",
                    "depends_on": [
                        "aws_eip.natgw.*",
                        "aws_internet_gateway.igw",
                        "aws_subnet.public.*"
                    ],
                    "primary": {
                        "id": "nat-0f2805bb98eeab6b7",
                        "attributes": {
                            "allocation_id": "eipalloc-7bc88012",
                            "id": "nat-0f2805bb98eeab6b7",
                            "network_interface_id": "eni-f8b99886",
                            "private_ip": "10.126.167.52",
                            "public_ip": "52.59.32.8",
                            "subnet_id": "subnet-c9d4d1b2"
                        },
                        "meta": {},
                        "tainted": false
                    },
                    "deposed": [],
                    "provider": ""
                },
                "aws_route.bastion_natdc.0": {
                    "type": "aws_route",
                    "depends_on": [
                        "aws_route_table.natdc.*",
                        "aws_vpc_peering_connection.infra"
                    ],
                    "primary": {
                        "id": "r-rtb-398d9c501015499087",
                        "attributes": {
                            "destination_cidr_block": "10.127.58.7/32",
                            "destination_prefix_list_id": "",
                            "egress_only_gateway_id": "",
                            "gateway_id": "",
                            "id": "r-rtb-398d9c501015499087",
                            "instance_id": "",
                            "instance_owner_id": "",
                            "nat_gateway_id": "",
                            "network_interface_id": "",
                            "origin": "CreateRoute",
                            "route_table_id": "rtb-398d9c50",
                            "state": "active",
                            "vpc_peering_connection_id": "pcx-1333e77a"
                        },
                        "meta": {},
                        "tainted": false
                    },
                    "deposed": [],
                    "provider": ""
                },
                "aws_route.bastion_natdc.1": {
                    "type": "aws_route",
                    "depends_on": [
                        "aws_route_table.natdc.*",
                        "aws_vpc_peering_connection.infra"
                    ],
                    "primary": {
                        "id": "r-rtb-84e6a1ec1015499087",
                        "attributes": {
                            "destination_cidr_block": "10.127.58.7/32",
                            "destination_prefix_list_id": "",
                            "egress_only_gateway_id": "",
                            "gateway_id": "",
                            "id": "r-rtb-84e6a1ec1015499087",
                            "instance_id": "",
                            "instance_owner_id": "",
                            "nat_gateway_id": "",
                            "network_interface_id": "",
                            "origin": "CreateRoute",
                            "route_table_id": "rtb-84e6a1ec",
                            "state": "active",
                            "vpc_peering_connection_id": "pcx-1333e77a"
                        },
                        "meta": {},
                        "tainted": false
                    },
                    "deposed": [],
                    "provider": ""
                },
                "aws_route.bastion_private": {
                    "type": "aws_route",
                    "depends_on": [
                        "aws_route_table.private",
                        "aws_vpc_peering_connection.infra"
                    ],
                    "primary": {
                        "id": "r-rtb-388d9c511015499087",
                        "attributes": {
                            "destination_cidr_block": "10.127.58.7/32",
                            "destination_prefix_list_id": "",
                            "egress_only_gateway_id": "",
                            "gateway_id": "",
                            "id": "r-rtb-388d9c511015499087",
                            "instance_id": "",
                            "instance_owner_id": "",
                            "nat_gateway_id": "",
                            "network_interface_id": "",
                            "origin": "CreateRoute",
                            "route_table_id": "rtb-388d9c51",
                            "state": "active",
                            "vpc_peering_connection_id": "pcx-1333e77a"
                        },
                        "meta": {},
                        "tainted": false
                    },
                    "deposed": [],
                    "provider": ""
                },
                "aws_route.bastion_public": {
                    "type": "aws_route",
                    "depends_on": [
                        "aws_route_table.public",
                        "aws_vpc_peering_connection.infra"
                    ],
                    "primary": {
                        "id": "r-rtb-268d9c4f1015499087",
                        "attributes": {
                            "destination_cidr_block": "10.127.58.7/32",
                            "destination_prefix_list_id": "",
                            "egress_only_gateway_id": "",
                            "gateway_id": "",
                            "id": "r-rtb-268d9c4f1015499087",
                            "instance_id": "",
                            "instance_owner_id": "",
                            "nat_gateway_id": "",
                            "network_interface_id": "",
                            "origin": "CreateRoute",
                            "route_table_id": "rtb-268d9c4f",
                            "state": "active",
                            "vpc_peering_connection_id": "pcx-1333e77a"
                        },
                        "meta": {},
                        "tainted": false
                    },
                    "deposed": [],
                    "provider": ""
                },
                "aws_route.infra_natdc.0": {
                    "type": "aws_route",
                    "depends_on": [
                        "aws_vpc_peering_connection.infra"
                    ],
                    "primary": {
                        "id": "r-rtb-09879660365343247",
                        "attributes": {
                            "destination_cidr_block": "10.126.164.0/22",
                            "destination_prefix_list_id": "",
                            "egress_only_gateway_id": "",
                            "gateway_id": "",
                            "id": "r-rtb-09879660365343247",
                            "instance_id": "",
                            "instance_owner_id": "",
                            "nat_gateway_id": "",
                            "network_interface_id": "",
                            "origin": "CreateRoute",
                            "route_table_id": "rtb-09879660",
                            "state": "active",
                            "vpc_peering_connection_id": "pcx-1333e77a"
                        },
                        "meta": {},
                        "tainted": false
                    },
                    "deposed": [],
                    "provider": ""
                },
                "aws_route.infra_natdc.1": {
                    "type": "aws_route",
                    "depends_on": [
                        "aws_vpc_peering_connection.infra"
                    ],
                    "primary": {
                        "id": "r-rtb-a6e7a0ce365343247",
                        "attributes": {
                            "destination_cidr_block": "10.126.164.0/22",
                            "destination_prefix_list_id": "",
                            "egress_only_gateway_id": "",
                            "gateway_id": "",
                            "id": "r-rtb-a6e7a0ce365343247",
                            "instance_id": "",
                            "instance_owner_id": "",
                            "nat_gateway_id": "",
                            "network_interface_id": "",
                            "origin": "CreateRoute",
                            "route_table_id": "rtb-a6e7a0ce",
                            "state": "active",
                            "vpc_peering_connection_id": "pcx-1333e77a"
                        },
                        "meta": {},
                        "tainted": false
                    },
                    "deposed": [],
                    "provider": ""
                },
                "aws_route.infra_private": {
                    "type": "aws_route",
                    "depends_on": [
                        "aws_vpc_peering_connection.infra"
                    ],
                    "primary": {
                        "id": "r-rtb-0e5a5167365343247",
                        "attributes": {
                            "destination_cidr_block": "10.126.164.0/22",
                            "destination_prefix_list_id": "",
                            "egress_only_gateway_id": "",
                            "gateway_id": "",
                            "id": "r-rtb-0e5a5167365343247",
                            "instance_id": "",
                            "instance_owner_id": "",
                            "nat_gateway_id": "",
                            "network_interface_id": "",
                            "origin": "CreateRoute",
                            "route_table_id": "rtb-0e5a5167",
                            "state": "active",
                            "vpc_peering_connection_id": "pcx-1333e77a"
                        },
                        "meta": {},
                        "tainted": false
                    },
                    "deposed": [],
                    "provider": ""
                },
                "aws_route.infra_public": {
                    "type": "aws_route",
                    "depends_on": [
                        "aws_vpc_peering_connection.infra"
                    ],
                    "primary": {
                        "id": "r-rtb-035a516a365343247",
                        "attributes": {
                            "destination_cidr_block": "10.126.164.0/22",
                            "destination_prefix_list_id": "",
                            "egress_only_gateway_id": "",
                            "gateway_id": "",
                            "id": "r-rtb-035a516a365343247",
                            "instance_id": "",
                            "instance_owner_id": "",
                            "nat_gateway_id": "",
                            "network_interface_id": "",
                            "origin": "CreateRoute",
                            "route_table_id": "rtb-035a516a",
                            "state": "active",
                            "vpc_peering_connection_id": "pcx-1333e77a"
                        },
                        "meta": {},
                        "tainted": false
                    },
                    "deposed": [],
                    "provider": ""
                },
                "aws_route53_zone_association.route53": {
                    "type": "aws_route53_zone_association",
                    "depends_on": [
                        "aws_vpc.main"
                    ],
                    "primary": {
                        "id": "Z1ECOPBZVMCE0L:vpc-9d9ba2f4",
                        "attributes": {
                            "id": "Z1ECOPBZVMCE0L:vpc-9d9ba2f4",
                            "vpc_id": "vpc-9d9ba2f4",
                            "vpc_region": "eu-central-1",
                            "zone_id": "Z1ECOPBZVMCE0L"
                        },
                        "meta": {},
                        "tainted": false
                    },
                    "deposed": [],
                    "provider": ""
                },
                "aws_route_table.natdc.0": {
                    "type": "aws_route_table",
                    "depends_on": [
                        "aws_nat_gateway.natgw",
                        "aws_vpc.main",
                        "aws_vpn_gateway.vgw"
                    ],
                    "primary": {
                        "id": "rtb-398d9c50",
                        "attributes": {
                            "id": "rtb-398d9c50",
                            "propagating_vgws.#": "1",
                            "propagating_vgws.3620657766": "vgw-0f29a53f",
                            "route.#": "2",
                            "route.3022332793.cidr_block": "10.127.58.7/32",
                            "route.3022332793.egress_only_gateway_id": "",
                            "route.3022332793.gateway_id": "",
                            "route.3022332793.instance_id": "",
                            "route.3022332793.ipv6_cidr_block": "",
                            "route.3022332793.nat_gateway_id": "",
                            "route.3022332793.network_interface_id": "",
                            "route.3022332793.vpc_peering_connection_id": "pcx-1333e77a",
                            "route.3669692446.cidr_block": "0.0.0.0/0",
                            "route.3669692446.egress_only_gateway_id": "",
                            "route.3669692446.gateway_id": "",
                            "route.3669692446.instance_id": "",
                            "route.3669692446.ipv6_cidr_block": "",
                            "route.3669692446.nat_gateway_id": "nat-07ed32c91a2fbd0c9",
                            "route.3669692446.network_interface_id": "",
                            "route.3669692446.vpc_peering_connection_id": "",
                            "tags.%": "5",
                            "tags.Name": "test-natdc-routetable",
                            "tags.account_name": "jive-ps-pipeline",
                            "tags.pipeline_phase": "test",
                            "tags.region": "eu-central-1",
                            "tags.sla": "non-prod",
                            "vpc_id": "vpc-9d9ba2f4"
                        },
                        "meta": {},
                        "tainted": false
                    },
                    "deposed": [],
                    "provider": ""
                },
                "aws_route_table.natdc.1": {
                    "type": "aws_route_table",
                    "depends_on": [
                        "aws_nat_gateway.natgw.*",
                        "aws_vpc.main",
                        "aws_vpn_gateway.vgw"
                    ],
                    "primary": {
                        "id": "rtb-84e6a1ec",
                        "attributes": {
                            "id": "rtb-84e6a1ec",
                            "propagating_vgws.#": "1",
                            "propagating_vgws.3620657766": "vgw-0f29a53f",
                            "route.#": "2",
                            "route.3022332793.cidr_block": "10.127.58.7/32",
                            "route.3022332793.egress_only_gateway_id": "",
                            "route.3022332793.gateway_id": "",
                            "route.3022332793.instance_id": "",
                            "route.3022332793.ipv6_cidr_block": "",
                            "route.3022332793.nat_gateway_id": "",
                            "route.3022332793.network_interface_id": "",
                            "route.3022332793.vpc_peering_connection_id": "pcx-1333e77a",
                            "route.3113917440.cidr_block": "0.0.0.0/0",
                            "route.3113917440.egress_only_gateway_id": "",
                            "route.3113917440.gateway_id": "",
                            "route.3113917440.instance_id": "",
                            "route.3113917440.ipv6_cidr_block": "",
                            "route.3113917440.nat_gateway_id": "nat-0f2805bb98eeab6b7",
                            "route.3113917440.network_interface_id": "",
                            "route.3113917440.vpc_peering_connection_id": "",
                            "tags.%": "5",
                            "tags.Name": "test-natdc-routetable",
                            "tags.account_name": "jive-ps-pipeline",
                            "tags.pipeline_phase": "test",
                            "tags.region": "eu-central-1",
                            "tags.sla": "non-prod",
                            "vpc_id": "vpc-9d9ba2f4"
                        },
                        "meta": {},
                        "tainted": false
                    },
                    "deposed": [],
                    "provider": ""
                },
                "aws_route_table.private": {
                    "type": "aws_route_table",
                    "depends_on": [
                        "aws_vpc.main"
                    ],
                    "primary": {
                        "id": "rtb-388d9c51",
                        "attributes": {
                            "id": "rtb-388d9c51",
                            "propagating_vgws.#": "0",
                            "route.#": "1",
                            "route.3022332793.cidr_block": "10.127.58.7/32",
                            "route.3022332793.egress_only_gateway_id": "",
                            "route.3022332793.gateway_id": "",
                            "route.3022332793.instance_id": "",
                            "route.3022332793.ipv6_cidr_block": "",
                            "route.3022332793.nat_gateway_id": "",
                            "route.3022332793.network_interface_id": "",
                            "route.3022332793.vpc_peering_connection_id": "pcx-1333e77a",
                            "tags.%": "5",
                            "tags.Name": "test-private-routetable",
                            "tags.account_name": "jive-ps-pipeline",
                            "tags.pipeline_phase": "test",
                            "tags.region": "eu-central-1",
                            "tags.sla": "non-prod",
                            "vpc_id": "vpc-9d9ba2f4"
                        },
                        "meta": {},
                        "tainted": false
                    },
                    "deposed": [],
                    "provider": ""
                },
                "aws_route_table.public": {
                    "type": "aws_route_table",
                    "depends_on": [
                        "aws_internet_gateway.igw",
                        "aws_vpc.main"
                    ],
                    "primary": {
                        "id": "rtb-268d9c4f",
                        "attributes": {
                            "id": "rtb-268d9c4f",
                            "propagating_vgws.#": "0",
                            "route.#": "2",
                            "route.1614151604.cidr_block": "0.0.0.0/0",
                            "route.1614151604.egress_only_gateway_id": "",
                            "route.1614151604.gateway_id": "igw-b3861dda",
                            "route.1614151604.instance_id": "",
                            "route.1614151604.ipv6_cidr_block": "",
                            "route.1614151604.nat_gateway_id": "",
                            "route.1614151604.network_interface_id": "",
                            "route.1614151604.vpc_peering_connection_id": "",
                            "route.3022332793.cidr_block": "10.127.58.7/32",
                            "route.3022332793.egress_only_gateway_id": "",
                            "route.3022332793.gateway_id": "",
                            "route.3022332793.instance_id": "",
                            "route.3022332793.ipv6_cidr_block": "",
                            "route.3022332793.nat_gateway_id": "",
                            "route.3022332793.network_interface_id": "",
                            "route.3022332793.vpc_peering_connection_id": "pcx-1333e77a",
                            "tags.%": "6",
                            "tags.KubernetesCluster": "eu-central-1_jive-ps-pipeline",
                            "tags.Name": "test-public-routetable",
                            "tags.account_name": "jive-ps-pipeline",
                            "tags.pipeline_phase": "test",
                            "tags.region": "eu-central-1",
                            "tags.sla": "non-prod",
                            "vpc_id": "vpc-9d9ba2f4"
                        },
                        "meta": {},
                        "tainted": false
                    },
                    "deposed": [],
                    "provider": ""
                },
                "aws_route_table_association.natdc.0": {
                    "type": "aws_route_table_association",
                    "depends_on": [
                        "aws_route_table.natdc.*",
                        "aws_subnet.natdc.*"
                    ],
                    "primary": {
                        "id": "rtbassoc-da5a89b2",
                        "attributes": {
                            "id": "rtbassoc-da5a89b2",
                            "route_table_id": "rtb-398d9c50",
                            "subnet_id": "subnet-cbd4d1b0"
                        },
                        "meta": {},
                        "tainted": false
                    },
                    "deposed": [],
                    "provider": ""
                },
                "aws_route_table_association.natdc.1": {
                    "type": "aws_route_table_association",
                    "depends_on": [
                        "aws_route_table.natdc.*",
                        "aws_subnet.natdc.*"
                    ],
                    "primary": {
                        "id": "rtbassoc-a6f704cd",
                        "attributes": {
                            "id": "rtbassoc-a6f704cd",
                            "route_table_id": "rtb-84e6a1ec",
                            "subnet_id": "subnet-8df51ce5"
                        },
                        "meta": {},
                        "tainted": false
                    },
                    "deposed": [],
                    "provider": ""
                },
                "aws_route_table_association.private.0": {
                    "type": "aws_route_table_association",
                    "depends_on": [
                        "aws_route_table.private",
                        "aws_subnet.private"
                    ],
                    "primary": {
                        "id": "rtbassoc-d85a89b0",
                        "attributes": {
                            "id": "rtbassoc-d85a89b0",
                            "route_table_id": "rtb-388d9c51",
                            "subnet_id": "subnet-8ff51ce7"
                        },
                        "meta": {},
                        "tainted": false
                    },
                    "deposed": [],
                    "provider": ""
                },
                "aws_route_table_association.private.1": {
                    "type": "aws_route_table_association",
                    "depends_on": [
                        "aws_route_table.private",
                        "aws_subnet.private"
                    ],
                    "primary": {
                        "id": "rtbassoc-d95a89b1",
                        "attributes": {
                            "id": "rtbassoc-d95a89b1",
                            "route_table_id": "rtb-388d9c51",
                            "subnet_id": "subnet-cad4d1b1"
                        },
                        "meta": {},
                        "tainted": false
                    },
                    "deposed": [],
                    "provider": ""
                },
                "aws_route_table_association.public.0": {
                    "type": "aws_route_table_association",
                    "depends_on": [
                        "aws_route_table.public",
                        "aws_subnet.public"
                    ],
                    "primary": {
                        "id": "rtbassoc-dd5a89b5",
                        "attributes": {
                            "id": "rtbassoc-dd5a89b5",
                            "route_table_id": "rtb-268d9c4f",
                            "subnet_id": "subnet-8cf51ce4"
                        },
                        "meta": {},
                        "tainted": false
                    },
                    "deposed": [],
                    "provider": ""
                },
                "aws_route_table_association.public.1": {
                    "type": "aws_route_table_association",
                    "depends_on": [
                        "aws_route_table.public",
                        "aws_subnet.public"
                    ],
                    "primary": {
                        "id": "rtbassoc-dc5a89b4",
                        "attributes": {
                            "id": "rtbassoc-dc5a89b4",
                            "route_table_id": "rtb-268d9c4f",
                            "subnet_id": "subnet-c9d4d1b2"
                        },
                        "meta": {},
                        "tainted": false
                    },
                    "deposed": [],
                    "provider": ""
                },
                "aws_security_group.admin_instance": {
                    "type": "aws_security_group",
                    "depends_on": [
                        "aws_vpc.main"
                    ],
                    "primary": {
                        "id": "sg-1fe04e77",
                        "attributes": {
                            "description": "Admin instances for the VPC",
                            "egress.#": "0",
                            "id": "sg-1fe04e77",
                            "ingress.#": "0",
                            "name": "test-admin-instance",
                            "owner_id": "044571148504",
                            "tags.%": "5",
                            "tags.Name": "test-admin-instance",
                            "tags.account_name": "jive-ps-pipeline",
                            "tags.pipeline_phase": "test",
                            "tags.region": "eu-central-1",
                            "tags.sla": "non-prod",
                            "vpc_id": "vpc-9d9ba2f4"
                        },
                        "meta": {},
                        "tainted": false
                    },
                    "deposed": [],
                    "provider": ""
                },
                "aws_security_group.env_instance": {
                    "type": "aws_security_group",
                    "depends_on": [
                        "aws_vpc.main",
                        "data.aws_security_group.bastion"
                    ],
                    "primary": {
                        "id": "sg-13e04e7b",
                        "attributes": {
                            "description": "All instances within the evironment",
                            "egress.#": "1",
                            "egress.482069346.cidr_blocks.#": "1",
                            "egress.482069346.cidr_blocks.0": "0.0.0.0/0",
                            "egress.482069346.from_port": "0",
                            "egress.482069346.ipv6_cidr_blocks.#": "0",
                            "egress.482069346.prefix_list_ids.#": "0",
                            "egress.482069346.protocol": "-1",
                            "egress.482069346.security_groups.#": "0",
                            "egress.482069346.self": "false",
                            "egress.482069346.to_port": "0",
                            "id": "sg-13e04e7b",
                            "ingress.#": "3",
                            "ingress.1140023990.cidr_blocks.#": "0",
                            "ingress.1140023990.from_port": "22",
                            "ingress.1140023990.ipv6_cidr_blocks.#": "0",
                            "ingress.1140023990.protocol": "tcp",
                            "ingress.1140023990.security_groups.#": "1",
                            "ingress.1140023990.security_groups.3461371033": "sg-bdb713d5",
                            "ingress.1140023990.self": "false",
                            "ingress.1140023990.to_port": "22",
                            "ingress.3280021429.cidr_blocks.#": "1",
                            "ingress.3280021429.cidr_blocks.0": "10.0.0.0/8",
                            "ingress.3280021429.from_port": "8",
                            "ingress.3280021429.ipv6_cidr_blocks.#": "0",
                            "ingress.3280021429.protocol": "icmp",
                            "ingress.3280021429.security_groups.#": "0",
                            "ingress.3280021429.self": "false",
                            "ingress.3280021429.to_port": "0",
                            "ingress.4270308629.cidr_blocks.#": "0",
                            "ingress.4270308629.from_port": "8",
                            "ingress.4270308629.ipv6_cidr_blocks.#": "0",
                            "ingress.4270308629.protocol": "icmp",
                            "ingress.4270308629.security_groups.#": "1",
                            "ingress.4270308629.security_groups.3461371033": "sg-bdb713d5",
                            "ingress.4270308629.self": "false",
                            "ingress.4270308629.to_port": "0",
                            "name": "test-instance",
                            "owner_id": "044571148504",
                            "tags.%": "5",
                            "tags.Name": "test-instance",
                            "tags.account_name": "jive-ps-pipeline",
                            "tags.pipeline_phase": "test",
                            "tags.region": "eu-central-1",
                            "tags.sla": "non-prod",
                            "vpc_id": "vpc-9d9ba2f4"
                        },
                        "meta": {},
                        "tainted": false
                    },
                    "deposed": [],
                    "provider": ""
                },
                "aws_security_group.natgw_instance": {
                    "type": "aws_security_group",
                    "depends_on": [
                        "aws_security_group.env_instance",
                        "aws_vpc.main"
                    ],
                    "primary": {
                        "id": "sg-14e04e7c",
                        "attributes": {
                            "description": "Members of this SG are allowed to send any type of traffic to the NAT Box.",
                            "egress.#": "0",
                            "id": "sg-14e04e7c",
                            "ingress.#": "1",
                            "ingress.1907414366.cidr_blocks.#": "0",
                            "ingress.1907414366.from_port": "0",
                            "ingress.1907414366.ipv6_cidr_blocks.#": "0",
                            "ingress.1907414366.protocol": "-1",
                            "ingress.1907414366.security_groups.#": "1",
                            "ingress.1907414366.security_groups.1742271453": "sg-13e04e7b",
                            "ingress.1907414366.self": "false",
                            "ingress.1907414366.to_port": "0",
                            "name": "test-natgw-instance",
                            "owner_id": "044571148504",
                            "tags.%": "5",
                            "tags.Name": "test-natgw-instance",
                            "tags.account_name": "jive-ps-pipeline",
                            "tags.pipeline_phase": "test",
                            "tags.region": "eu-central-1",
                            "tags.sla": "non-prod",
                            "vpc_id": "vpc-9d9ba2f4"
                        },
                        "meta": {},
                        "tainted": false
                    },
                    "deposed": [],
                    "provider": ""
                },
                "aws_subnet.natdc.0": {
                    "type": "aws_subnet",
                    "depends_on": [
                        "aws_vpc.main"
                    ],
                    "primary": {
                        "id": "subnet-8df51ce5",
                        "attributes": {
                            "assign_ipv6_address_on_creation": "false",
                            "availability_zone": "eu-central-1a",
                            "cidr_block": "10.126.164.0/24",
                            "id": "subnet-8df51ce5",
                            "map_public_ip_on_launch": "false",
                            "tags.%": "5",
                            "tags.Name": "test-natdc-subnet",
                            "tags.account_name": "jive-ps-pipeline",
                            "tags.pipeline_phase": "test",
                            "tags.region": "eu-central-1",
                            "tags.sla": "non-prod",
                            "vpc_id": "vpc-9d9ba2f4"
                        },
                        "meta": {},
                        "tainted": false
                    },
                    "deposed": [],
                    "provider": ""
                },
                "aws_subnet.natdc.1": {
                    "type": "aws_subnet",
                    "depends_on": [
                        "aws_vpc.main"
                    ],
                    "primary": {
                        "id": "subnet-cbd4d1b0",
                        "attributes": {
                            "assign_ipv6_address_on_creation": "false",
                            "availability_zone": "eu-central-1b",
                            "cidr_block": "10.126.165.0/24",
                            "id": "subnet-cbd4d1b0",
                            "map_public_ip_on_launch": "false",
                            "tags.%": "5",
                            "tags.Name": "test-natdc-subnet",
                            "tags.account_name": "jive-ps-pipeline",
                            "tags.pipeline_phase": "test",
                            "tags.region": "eu-central-1",
                            "tags.sla": "non-prod",
                            "vpc_id": "vpc-9d9ba2f4"
                        },
                        "meta": {},
                        "tainted": false
                    },
                    "deposed": [],
                    "provider": ""
                },
                "aws_subnet.private.0": {
                    "type": "aws_subnet",
                    "depends_on": [
                        "aws_vpc.main"
                    ],
                    "primary": {
                        "id": "subnet-8ff51ce7",
                        "attributes": {
                            "assign_ipv6_address_on_creation": "false",
                            "availability_zone": "eu-central-1a",
                            "cidr_block": "10.126.167.96/27",
                            "id": "subnet-8ff51ce7",
                            "map_public_ip_on_launch": "false",
                            "tags.%": "5",
                            "tags.Name": "test-private-subnet",
                            "tags.account_name": "jive-ps-pipeline",
                            "tags.pipeline_phase": "test",
                            "tags.region": "eu-central-1",
                            "tags.sla": "non-prod",
                            "vpc_id": "vpc-9d9ba2f4"
                        },
                        "meta": {},
                        "tainted": false
                    },
                    "deposed": [],
                    "provider": ""
                },
                "aws_subnet.private.1": {
                    "type": "aws_subnet",
                    "depends_on": [
                        "aws_vpc.main"
                    ],
                    "primary": {
                        "id": "subnet-cad4d1b1",
                        "attributes": {
                            "assign_ipv6_address_on_creation": "false",
                            "availability_zone": "eu-central-1b",
                            "cidr_block": "10.126.167.128/27",
                            "id": "subnet-cad4d1b1",
                            "map_public_ip_on_launch": "false",
                            "tags.%": "5",
                            "tags.Name": "test-private-subnet",
                            "tags.account_name": "jive-ps-pipeline",
                            "tags.pipeline_phase": "test",
                            "tags.region": "eu-central-1",
                            "tags.sla": "non-prod",
                            "vpc_id": "vpc-9d9ba2f4"
                        },
                        "meta": {},
                        "tainted": false
                    },
                    "deposed": [],
                    "provider": ""
                },
                "aws_subnet.public.0": {
                    "type": "aws_subnet",
                    "depends_on": [
                        "aws_vpc.main"
                    ],
                    "primary": {
                        "id": "subnet-8cf51ce4",
                        "attributes": {
                            "assign_ipv6_address_on_creation": "false",
                            "availability_zone": "eu-central-1a",
                            "cidr_block": "10.126.167.0/27",
                            "id": "subnet-8cf51ce4",
                            "map_public_ip_on_launch": "false",
                            "tags.%": "6",
                            "tags.KubernetesCluster": "eu-central-1_jive-ps-pipeline",
                            "tags.Name": "test-public-subnet",
                            "tags.account_name": "jive-ps-pipeline",
                            "tags.pipeline_phase": "test",
                            "tags.region": "eu-central-1",
                            "tags.sla": "non-prod",
                            "vpc_id": "vpc-9d9ba2f4"
                        },
                        "meta": {},
                        "tainted": false
                    },
                    "deposed": [],
                    "provider": ""
                },
                "aws_subnet.public.1": {
                    "type": "aws_subnet",
                    "depends_on": [
                        "aws_vpc.main"
                    ],
                    "primary": {
                        "id": "subnet-c9d4d1b2",
                        "attributes": {
                            "assign_ipv6_address_on_creation": "false",
                            "availability_zone": "eu-central-1b",
                            "cidr_block": "10.126.167.32/27",
                            "id": "subnet-c9d4d1b2",
                            "map_public_ip_on_launch": "false",
                            "tags.%": "6",
                            "tags.KubernetesCluster": "eu-central-1_jive-ps-pipeline",
                            "tags.Name": "test-public-subnet",
                            "tags.account_name": "jive-ps-pipeline",
                            "tags.pipeline_phase": "test",
                            "tags.region": "eu-central-1",
                            "tags.sla": "non-prod",
                            "vpc_id": "vpc-9d9ba2f4"
                        },
                        "meta": {},
                        "tainted": false
                    },
                    "deposed": [],
                    "provider": ""
                },
                "aws_vpc.main": {
                    "type": "aws_vpc",
                    "depends_on": [],
                    "primary": {
                        "id": "vpc-9d9ba2f4",
                        "attributes": {
                            "assign_generated_ipv6_cidr_block": "false",
                            "cidr_block": "10.126.164.0/22",
                            "default_network_acl_id": "acl-758e9b1c",
                            "default_route_table_id": "rtb-a28a9bcb",
                            "default_security_group_id": "sg-1de04e75",
                            "dhcp_options_id": "dopt-c3871faa",
                            "enable_dns_hostnames": "true",
                            "enable_dns_support": "true",
                            "id": "vpc-9d9ba2f4",
                            "instance_tenancy": "default",
                            "main_route_table_id": "rtb-a28a9bcb",
                            "tags.%": "5",
                            "tags.Name": "test-vpc",
                            "tags.account_name": "jive-ps-pipeline",
                            "tags.pipeline_phase": "test",
                            "tags.region": "eu-central-1",
                            "tags.sla": "non-prod"
                        },
                        "meta": {
                            "schema_version": "1"
                        },
                        "tainted": false
                    },
                    "deposed": [],
                    "provider": ""
                },
                "aws_vpc_peering_connection.infra": {
                    "type": "aws_vpc_peering_connection",
                    "depends_on": [
                        "aws_vpc.main"
                    ],
                    "primary": {
                        "id": "pcx-1333e77a",
                        "attributes": {
                            "accept_status": "active",
                            "accepter.#": "1",
                            "accepter.3244290774.allow_classic_link_to_remote_vpc": "false",
                            "accepter.3244290774.allow_remote_vpc_dns_resolution": "false",
                            "accepter.3244290774.allow_vpc_to_remote_classic_link": "false",
                            "auto_accept": "true",
                            "id": "pcx-1333e77a",
                            "peer_owner_id": "044571148504",
                            "peer_vpc_id": "vpc-83c2f1ea",
                            "requester.#": "1",
                            "requester.3244290774.allow_classic_link_to_remote_vpc": "false",
                            "requester.3244290774.allow_remote_vpc_dns_resolution": "false",
                            "requester.3244290774.allow_vpc_to_remote_classic_link": "false",
                            "tags.%": "5",
                            "tags.Name": "test_to_infra-jive-ps-pipeline",
                            "tags.account_name": "jive-ps-pipeline",
                            "tags.pipeline_phase": "test",
                            "tags.region": "eu-central-1",
                            "tags.sla": "non-prod",
                            "vpc_id": "vpc-9d9ba2f4"
                        },
                        "meta": {},
                        "tainted": false
                    },
                    "deposed": [],
                    "provider": ""
                },
                "aws_vpn_connection.main": {
                    "type": "aws_vpn_connection",
                    "depends_on": [
                        "aws_vpn_gateway.vgw"
                    ],
                    "primary": {
                        "id": "vpn-3dd23554",
                        "attributes": {
                            "customer_gateway_configuration": "\u003c?xml version=\"1.0\" encoding=\"UTF-8\"?\u003e\n\u003cvpn_connection id=\"vpn-3dd23554\"\u003e\n  \u003ccustomer_gateway_id\u003ecgw-eaf678da\u003c/customer_gateway_id\u003e\n  \u003cvpn_gateway_id\u003evgw-0f29a53f\u003c/vpn_gateway_id\u003e\n  \u003cvpn_connection_type\u003eipsec.1\u003c/vpn_connection_type\u003e\n  \u003cipsec_tunnel\u003e\n    \u003ccustomer_gateway\u003e\n      \u003ctunnel_outside_address\u003e\n        \u003cip_address\u003e204.93.80.68\u003c/ip_address\u003e\n      \u003c/tunnel_outside_address\u003e\n      \u003ctunnel_inside_address\u003e\n        \u003cip_address\u003e169.254.42.218\u003c/ip_address\u003e\n        \u003cnetwork_mask\u003e255.255.255.252\u003c/network_mask\u003e\n        \u003cnetwork_cidr\u003e30\u003c/network_cidr\u003e\n      \u003c/tunnel_inside_address\u003e\n      \u003cbgp\u003e\n        \u003casn\u003e13364\u003c/asn\u003e\n        \u003chold_time\u003e30\u003c/hold_time\u003e\n      \u003c/bgp\u003e\n    \u003c/customer_gateway\u003e\n    \u003cvpn_gateway\u003e\n      \u003ctunnel_outside_address\u003e\n        \u003cip_address\u003e35.157.35.121\u003c/ip_address\u003e\n      \u003c/tunnel_outside_address\u003e\n      \u003ctunnel_inside_address\u003e\n        \u003cip_address\u003e169.254.42.217\u003c/ip_address\u003e\n        \u003cnetwork_mask\u003e255.255.255.252\u003c/network_mask\u003e\n        \u003cnetwork_cidr\u003e30\u003c/network_cidr\u003e\n      \u003c/tunnel_inside_address\u003e\n      \u003cbgp\u003e\n        \u003casn\u003e7224\u003c/asn\u003e\n        \u003chold_time\u003e30\u003c/hold_time\u003e\n      \u003c/bgp\u003e\n    \u003c/vpn_gateway\u003e\n    \u003cike\u003e\n      \u003cauthentication_protocol\u003esha1\u003c/authentication_protocol\u003e\n      \u003cencryption_protocol\u003eaes-128-cbc\u003c/encryption_protocol\u003e\n      \u003clifetime\u003e28800\u003c/lifetime\u003e\n      \u003cperfect_forward_secrecy\u003egroup2\u003c/perfect_forward_secrecy\u003e\n      \u003cmode\u003emain\u003c/mode\u003e\n      \u003cpre_shared_key\u003egLHfH7EiRwrBVuxHkFTiE2TYu3N9teZN\u003c/pre_shared_key\u003e\n    \u003c/ike\u003e\n    \u003cipsec\u003e\n      \u003cprotocol\u003eesp\u003c/protocol\u003e\n      \u003cauthentication_protocol\u003ehmac-sha1-96\u003c/authentication_protocol\u003e\n      \u003cencryption_protocol\u003eaes-128-cbc\u003c/encryption_protocol\u003e\n      \u003clifetime\u003e3600\u003c/lifetime\u003e\n      \u003cperfect_forward_secrecy\u003egroup2\u003c/perfect_forward_secrecy\u003e\n      \u003cmode\u003etunnel\u003c/mode\u003e\n      \u003cclear_df_bit\u003etrue\u003c/clear_df_bit\u003e\n      \u003cfragmentation_before_encryption\u003etrue\u003c/fragmentation_before_encryption\u003e\n      \u003ctcp_mss_adjustment\u003e1379\u003c/tcp_mss_adjustment\u003e\n      \u003cdead_peer_detection\u003e\n        \u003cinterval\u003e10\u003c/interval\u003e\n        \u003cretries\u003e3\u003c/retries\u003e\n      \u003c/dead_peer_detection\u003e\n    \u003c/ipsec\u003e\n  \u003c/ipsec_tunnel\u003e\n  \u003cipsec_tunnel\u003e\n    \u003ccustomer_gateway\u003e\n      \u003ctunnel_outside_address\u003e\n        \u003cip_address\u003e204.93.80.68\u003c/ip_address\u003e\n      \u003c/tunnel_outside_address\u003e\n      \u003ctunnel_inside_address\u003e\n        \u003cip_address\u003e169.254.40.98\u003c/ip_address\u003e\n        \u003cnetwork_mask\u003e255.255.255.252\u003c/network_mask\u003e\n        \u003cnetwork_cidr\u003e30\u003c/network_cidr\u003e\n      \u003c/tunnel_inside_address\u003e\n      \u003cbgp\u003e\n        \u003casn\u003e13364\u003c/asn\u003e\n        \u003chold_time\u003e30\u003c/hold_time\u003e\n      \u003c/bgp\u003e\n    \u003c/customer_gateway\u003e\n    \u003cvpn_gateway\u003e\n      \u003ctunnel_outside_address\u003e\n        \u003cip_address\u003e52.59.82.186\u003c/ip_address\u003e\n      \u003c/tunnel_outside_address\u003e\n      \u003ctunnel_inside_address\u003e\n        \u003cip_address\u003e169.254.40.97\u003c/ip_address\u003e\n        \u003cnetwork_mask\u003e255.255.255.252\u003c/network_mask\u003e\n        \u003cnetwork_cidr\u003e30\u003c/network_cidr\u003e\n      \u003c/tunnel_inside_address\u003e\n      \u003cbgp\u003e\n        \u003casn\u003e7224\u003c/asn\u003e\n        \u003chold_time\u003e30\u003c/hold_time\u003e\n      \u003c/bgp\u003e\n    \u003c/vpn_gateway\u003e\n    \u003cike\u003e\n      \u003cauthentication_protocol\u003esha1\u003c/authentication_protocol\u003e\n      \u003cencryption_protocol\u003eaes-128-cbc\u003c/encryption_protocol\u003e\n      \u003clifetime\u003e28800\u003c/lifetime\u003e\n      \u003cperfect_forward_secrecy\u003egroup2\u003c/perfect_forward_secrecy\u003e\n      \u003cmode\u003emain\u003c/mode\u003e\n      \u003cpre_shared_key\u003eEJa38HVkwg.liJcUunvcSP8SoyKxn.DP\u003c/pre_shared_key\u003e\n    \u003c/ike\u003e\n    \u003cipsec\u003e\n      \u003cprotocol\u003eesp\u003c/protocol\u003e\n      \u003cauthentication_protocol\u003ehmac-sha1-96\u003c/authentication_protocol\u003e\n      \u003cencryption_protocol\u003eaes-128-cbc\u003c/encryption_protocol\u003e\n      \u003clifetime\u003e3600\u003c/lifetime\u003e\n      \u003cperfect_forward_secrecy\u003egroup2\u003c/perfect_forward_secrecy\u003e\n      \u003cmode\u003etunnel\u003c/mode\u003e\n      \u003cclear_df_bit\u003etrue\u003c/clear_df_bit\u003e\n      \u003cfragmentation_before_encryption\u003etrue\u003c/fragmentation_before_encryption\u003e\n      \u003ctcp_mss_adjustment\u003e1379\u003c/tcp_mss_adjustment\u003e\n      \u003cdead_peer_detection\u003e\n        \u003cinterval\u003e10\u003c/interval\u003e\n        \u003cretries\u003e3\u003c/retries\u003e\n      \u003c/dead_peer_detection\u003e\n    \u003c/ipsec\u003e\n  \u003c/ipsec_tunnel\u003e\n\u003c/vpn_connection\u003e\n",
                            "customer_gateway_id": "cgw-eaf678da",
                            "id": "vpn-3dd23554",
                            "routes.#": "0",
                            "static_routes_only": "false",
                            "tags.%": "5",
                            "tags.Name": "test-jive-vpn",
                            "tags.account_name": "jive-ps-pipeline",
                            "tags.pipeline_phase": "test",
                            "tags.region": "eu-central-1",
                            "tags.sla": "non-prod",
                            "tunnel1_address": "35.157.35.121",
                            "tunnel1_preshared_key": "gLHfH7EiRwrBVuxHkFTiE2TYu3N9teZN",
                            "tunnel2_address": "52.59.82.186",
                            "tunnel2_preshared_key": "EJa38HVkwg.liJcUunvcSP8SoyKxn.DP",
                            "type": "ipsec.1",
                            "vgw_telemetry.#": "2",
                            "vgw_telemetry.1946092516.accepted_route_count": "7",
                            "vgw_telemetry.1946092516.last_status_change": "2017-05-30 23:42:43 +0000 UTC",
                            "vgw_telemetry.1946092516.outside_ip_address": "35.157.35.121",
                            "vgw_telemetry.1946092516.status": "UP",
                            "vgw_telemetry.1946092516.status_message": "7 BGP ROUTES",
                            "vgw_telemetry.3683475839.accepted_route_count": "7",
                            "vgw_telemetry.3683475839.last_status_change": "2017-05-30 23:42:50 +0000 UTC",
                            "vgw_telemetry.3683475839.outside_ip_address": "52.59.82.186",
                            "vgw_telemetry.3683475839.status": "UP",
                            "vgw_telemetry.3683475839.status_message": "7 BGP ROUTES",
                            "vpn_gateway_id": "vgw-0f29a53f"
                        },
                        "meta": {},
                        "tainted": false
                    },
                    "deposed": [],
                    "provider": ""
                },
                "aws_vpn_gateway.vgw": {
                    "type": "aws_vpn_gateway",
                    "depends_on": [
                        "aws_vpc.main"
                    ],
                    "primary": {
                        "id": "vgw-0f29a53f",
                        "attributes": {
                            "availability_zone": "",
                            "id": "vgw-0f29a53f",
                            "tags.%": "7",
                            "tags.Name": "test-vgw",
                            "tags.account_name": "jive-ps-pipeline",
                            "tags.jive_service": "infrastructure",
                            "tags.pipeline_phase": "test",
                            "tags.region": "eu-central-1",
                            "tags.service_component": "vpn_gateway",
                            "tags.sla": "non-prod",
                            "vpc_id": "vpc-9d9ba2f4"
                        },
                        "meta": {},
                        "tainted": false
                    },
                    "deposed": [],
                    "provider": ""
                },
                "data.aws_security_group.bastion": {
                    "type": "aws_security_group",
                    "depends_on": [],
                    "primary": {
                        "id": "sg-bdb713d5",
                        "attributes": {
                            "filter.#": "1",
                            "filter.1988431066.name": "tag:jive_service",
                            "filter.1988431066.values.#": "1",
                            "filter.1988431066.values.2480389212": "infrastructure",
                            "id": "sg-bdb713d5",
                            "name": "infra-pipeline-jive-phx-dc",
                            "tags.%": "6",
                            "tags.Name": "infra-pipeline-jive-phx-dc",
                            "tags.account_name": "jive-ps-pipeline",
                            "tags.jive_service": "infrastructure",
                            "tags.pipeline_phase": "infra-pipeline",
                            "tags.region": "eu-central-1",
                            "tags.sla": "non-prod",
                            "vpc_id": "vpc-83c2f1ea"
                        },
                        "meta": {},
                        "tainted": false
                    },
                    "deposed": [],
                    "provider": ""
                }
            },
            "depends_on": []
        }
    ]
}
