{
    "version": 3,
    "terraform_version": "0.9.4",
    "serial": 11,
    "lineage": "55b17cfa-b45a-4efc-9531-2071f305ea6c",
    "modules": [
        {
            "path": [
                "root"
            ],
            "outputs": {},
            "resources": {
                "aws_db_subnet_group.dbaas": {
                    "type": "aws_db_subnet_group",
                    "depends_on": [
                        "aws_subnet.natdc.*"
                    ],
                    "primary": {
                        "id": "data-dbaas-ms-prod-group",
                        "attributes": {
                            "arn": "arn:aws:rds:us-east-1:663559125979:subgrp:data-dbaas-ms-prod-group",
                            "description": "Managed by Horizon",
                            "id": "data-dbaas-ms-prod-group",
                            "name": "data-dbaas-ms-prod-group",
                            "subnet_ids.#": "5",
                            "subnet_ids.161648420": "subnet-09a03325",
                            "subnet_ids.1635692179": "subnet-3b347e73",
                            "subnet_ids.670742664": "subnet-ff6ae1a5",
                            "subnet_ids.726630761": "subnet-f226c796",
                            "subnet_ids.935661284": "subnet-f41714c8",
                            "tags.%": "7",
                            "tags.Name": "data-dbaas2-ms-prod-group",
                            "tags.account_name": "jive-microservices-prod",
                            "tags.jive_service": "microservices",
                            "tags.pipeline_phase": "prod",
                            "tags.region": "us-east-1",
                            "tags.service_component": "microservices-dbaas",
                            "tags.sla": "prod"
                        },
                        "meta": {},
                        "tainted": false
                    },
                    "deposed": [],
                    "provider": ""
                },
                "aws_eip.natgw.0": {
                    "type": "aws_eip",
                    "depends_on": [],
                    "primary": {
                        "id": "eipalloc-89b35aba",
                        "attributes": {
                            "association_id": "eipassoc-d0e7dfe2",
                            "domain": "vpc",
                            "id": "eipalloc-89b35aba",
                            "instance": "",
                            "network_interface": "eni-d841efcf",
                            "private_ip": "10.125.84.94",
                            "public_ip": "52.55.123.87",
                            "vpc": "true"
                        },
                        "meta": {},
                        "tainted": false
                    },
                    "deposed": [],
                    "provider": ""
                },
                "aws_eip.natgw.1": {
                    "type": "aws_eip",
                    "depends_on": [],
                    "primary": {
                        "id": "eipalloc-f9b25bca",
                        "attributes": {
                            "association_id": "eipassoc-58d9e16a",
                            "domain": "vpc",
                            "id": "eipalloc-f9b25bca",
                            "instance": "",
                            "network_interface": "eni-e30e634c",
                            "private_ip": "10.125.87.189",
                            "public_ip": "52.20.222.9",
                            "vpc": "true"
                        },
                        "meta": {},
                        "tainted": false
                    },
                    "deposed": [],
                    "provider": ""
                },
                "aws_eip.natgw.2": {
                    "type": "aws_eip",
                    "depends_on": [],
                    "primary": {
                        "id": "eipalloc-6e89605d",
                        "attributes": {
                            "association_id": "eipassoc-81e6deb3",
                            "domain": "vpc",
                            "id": "eipalloc-6e89605d",
                            "instance": "",
                            "network_interface": "eni-54342487",
                            "private_ip": "10.125.88.141",
                            "public_ip": "34.230.231.2",
                            "vpc": "true"
                        },
                        "meta": {},
                        "tainted": false
                    },
                    "deposed": [],
                    "provider": ""
                },
                "aws_eip.natgw.3": {
                    "type": "aws_eip",
                    "depends_on": [],
                    "primary": {
                        "id": "eipalloc-2f88611c",
                        "attributes": {
                            "association_id": "eipassoc-71e2da43",
                            "domain": "vpc",
                            "id": "eipalloc-2f88611c",
                            "instance": "",
                            "network_interface": "eni-56e3b8ff",
                            "private_ip": "10.125.90.147",
                            "public_ip": "34.197.60.63",
                            "vpc": "true"
                        },
                        "meta": {},
                        "tainted": false
                    },
                    "deposed": [],
                    "provider": ""
                },
                "aws_eip.natgw.4": {
                    "type": "aws_eip",
                    "depends_on": [],
                    "primary": {
                        "id": "eipalloc-02b35a31",
                        "attributes": {
                            "association_id": "eipassoc-ace5dd9e",
                            "domain": "vpc",
                            "id": "eipalloc-02b35a31",
                            "instance": "",
                            "network_interface": "eni-572fcd57",
                            "private_ip": "10.125.92.98",
                            "public_ip": "52.207.30.159",
                            "vpc": "true"
                        },
                        "meta": {},
                        "tainted": false
                    },
                    "deposed": [],
                    "provider": ""
                },
                "aws_internet_gateway.igw": {
                    "type": "aws_internet_gateway",
                    "depends_on": [
                        "aws_vpc.main"
                    ],
                    "primary": {
                        "id": "igw-25dc9543",
                        "attributes": {
                            "id": "igw-25dc9543",
                            "tags.%": "5",
                            "tags.Name": "prod-igw",
                            "tags.account_name": "jive-microservices-prod",
                            "tags.pipeline_phase": "prod",
                            "tags.region": "us-east-1",
                            "tags.sla": "prod",
                            "vpc_id": "vpc-677ae11e"
                        },
                        "meta": {},
                        "tainted": false
                    },
                    "deposed": [],
                    "provider": ""
                },
                "aws_nat_gateway.natgw.0": {
                    "type": "aws_nat_gateway",
                    "depends_on": [
                        "aws_eip.natgw.*",
                        "aws_internet_gateway.igw",
                        "aws_subnet.public.*"
                    ],
                    "primary": {
                        "id": "nat-061d92001b063186f",
                        "attributes": {
                            "allocation_id": "eipalloc-89b35aba",
                            "id": "nat-061d92001b063186f",
                            "network_interface_id": "eni-d841efcf",
                            "private_ip": "10.125.84.94",
                            "public_ip": "52.55.123.87",
                            "subnet_id": "subnet-e023c284"
                        },
                        "meta": {},
                        "tainted": false
                    },
                    "deposed": [],
                    "provider": ""
                },
                "aws_nat_gateway.natgw.1": {
                    "type": "aws_nat_gateway",
                    "depends_on": [
                        "aws_eip.natgw.*",
                        "aws_internet_gateway.igw",
                        "aws_subnet.public.*"
                    ],
                    "primary": {
                        "id": "nat-0688d48b12bbf92cd",
                        "attributes": {
                            "allocation_id": "eipalloc-f9b25bca",
                            "id": "nat-0688d48b12bbf92cd",
                            "network_interface_id": "eni-e30e634c",
                            "private_ip": "10.125.87.189",
                            "public_ip": "52.20.222.9",
                            "subnet_id": "subnet-d2bf2cfe"
                        },
                        "meta": {},
                        "tainted": false
                    },
                    "deposed": [],
                    "provider": ""
                },
                "aws_nat_gateway.natgw.2": {
                    "type": "aws_nat_gateway",
                    "depends_on": [
                        "aws_eip.natgw.*",
                        "aws_internet_gateway.igw",
                        "aws_subnet.public.*"
                    ],
                    "primary": {
                        "id": "nat-03672f350c74c2f39",
                        "attributes": {
                            "allocation_id": "eipalloc-6e89605d",
                            "id": "nat-03672f350c74c2f39",
                            "network_interface_id": "eni-54342487",
                            "private_ip": "10.125.88.141",
                            "public_ip": "34.230.231.2",
                            "subnet_id": "subnet-67367c2f"
                        },
                        "meta": {},
                        "tainted": false
                    },
                    "deposed": [],
                    "provider": ""
                },
                "aws_nat_gateway.natgw.3": {
                    "type": "aws_nat_gateway",
                    "depends_on": [
                        "aws_eip.natgw.*",
                        "aws_internet_gateway.igw",
                        "aws_subnet.public.*"
                    ],
                    "primary": {
                        "id": "nat-00773d69928b85fd0",
                        "attributes": {
                            "allocation_id": "eipalloc-2f88611c",
                            "id": "nat-00773d69928b85fd0",
                            "network_interface_id": "eni-56e3b8ff",
                            "private_ip": "10.125.90.147",
                            "public_ip": "34.197.60.63",
                            "subnet_id": "subnet-2d6ee577"
                        },
                        "meta": {},
                        "tainted": false
                    },
                    "deposed": [],
                    "provider": ""
                },
                "aws_nat_gateway.natgw.4": {
                    "type": "aws_nat_gateway",
                    "depends_on": [
                        "aws_eip.natgw.*",
                        "aws_internet_gateway.igw",
                        "aws_subnet.public.*"
                    ],
                    "primary": {
                        "id": "nat-013bc9f370a8f4486",
                        "attributes": {
                            "allocation_id": "eipalloc-02b35a31",
                            "id": "nat-013bc9f370a8f4486",
                            "network_interface_id": "eni-572fcd57",
                            "private_ip": "10.125.92.98",
                            "public_ip": "52.207.30.159",
                            "subnet_id": "subnet-c11013fd"
                        },
                        "meta": {},
                        "tainted": false
                    },
                    "deposed": [],
                    "provider": ""
                },
                "aws_route.bastion_natdc.0": {
                    "type": "aws_route",
                    "depends_on": [
                        "aws_route_table.natdc.*",
                        "aws_vpc_peering_connection.infra"
                    ],
                    "primary": {
                        "id": "r-rtb-de5078a63979510400",
                        "attributes": {
                            "destination_cidr_block": "10.127.44.7/32",
                            "destination_prefix_list_id": "",
                            "egress_only_gateway_id": "",
                            "gateway_id": "",
                            "id": "r-rtb-de5078a63979510400",
                            "instance_id": "",
                            "instance_owner_id": "",
                            "nat_gateway_id": "",
                            "network_interface_id": "",
                            "origin": "CreateRoute",
                            "route_table_id": "rtb-de5078a6",
                            "state": "active",
                            "vpc_peering_connection_id": "pcx-5af68633"
                        },
                        "meta": {},
                        "tainted": false
                    },
                    "deposed": [],
                    "provider": ""
                },
                "aws_route.bastion_natdc.1": {
                    "type": "aws_route",
                    "depends_on": [
                        "aws_route_table.natdc.*",
                        "aws_vpc_peering_connection.infra"
                    ],
                    "primary": {
                        "id": "r-rtb-64456d1c3979510400",
                        "attributes": {
                            "destination_cidr_block": "10.127.44.7/32",
                            "destination_prefix_list_id": "",
                            "egress_only_gateway_id": "",
                            "gateway_id": "",
                            "id": "r-rtb-64456d1c3979510400",
                            "instance_id": "",
                            "instance_owner_id": "",
                            "nat_gateway_id": "",
                            "network_interface_id": "",
                            "origin": "CreateRoute",
                            "route_table_id": "rtb-64456d1c",
                            "state": "active",
                            "vpc_peering_connection_id": "pcx-5af68633"
                        },
                        "meta": {},
                        "tainted": false
                    },
                    "deposed": [],
                    "provider": ""
                },
                "aws_route.bastion_natdc.2": {
                    "type": "aws_route",
                    "depends_on": [
                        "aws_route_table.natdc.*",
                        "aws_vpc_peering_connection.infra"
                    ],
                    "primary": {
                        "id": "r-rtb-445d753c3979510400",
                        "attributes": {
                            "destination_cidr_block": "10.127.44.7/32",
                            "destination_prefix_list_id": "",
                            "egress_only_gateway_id": "",
                            "gateway_id": "",
                            "id": "r-rtb-445d753c3979510400",
                            "instance_id": "",
                            "instance_owner_id": "",
                            "nat_gateway_id": "",
                            "network_interface_id": "",
                            "origin": "CreateRoute",
                            "route_table_id": "rtb-445d753c",
                            "state": "active",
                            "vpc_peering_connection_id": "pcx-5af68633"
                        },
                        "meta": {},
                        "tainted": false
                    },
                    "deposed": [],
                    "provider": ""
                },
                "aws_route.bastion_natdc.3": {
                    "type": "aws_route",
                    "depends_on": [
                        "aws_route_table.natdc.*",
                        "aws_vpc_peering_connection.infra"
                    ],
                    "primary": {
                        "id": "r-rtb-aa456dd23979510400",
                        "attributes": {
                            "destination_cidr_block": "10.127.44.7/32",
                            "destination_prefix_list_id": "",
                            "egress_only_gateway_id": "",
                            "gateway_id": "",
                            "id": "r-rtb-aa456dd23979510400",
                            "instance_id": "",
                            "instance_owner_id": "",
                            "nat_gateway_id": "",
                            "network_interface_id": "",
                            "origin": "CreateRoute",
                            "route_table_id": "rtb-aa456dd2",
                            "state": "active",
                            "vpc_peering_connection_id": "pcx-5af68633"
                        },
                        "meta": {},
                        "tainted": false
                    },
                    "deposed": [],
                    "provider": ""
                },
                "aws_route.bastion_natdc.4": {
                    "type": "aws_route",
                    "depends_on": [
                        "aws_route_table.natdc.*",
                        "aws_vpc_peering_connection.infra"
                    ],
                    "primary": {
                        "id": "r-rtb-8d5d75f53979510400",
                        "attributes": {
                            "destination_cidr_block": "10.127.44.7/32",
                            "destination_prefix_list_id": "",
                            "egress_only_gateway_id": "",
                            "gateway_id": "",
                            "id": "r-rtb-8d5d75f53979510400",
                            "instance_id": "",
                            "instance_owner_id": "",
                            "nat_gateway_id": "",
                            "network_interface_id": "",
                            "origin": "CreateRoute",
                            "route_table_id": "rtb-8d5d75f5",
                            "state": "active",
                            "vpc_peering_connection_id": "pcx-5af68633"
                        },
                        "meta": {},
                        "tainted": false
                    },
                    "deposed": [],
                    "provider": ""
                },
                "aws_route.bastion_private": {
                    "type": "aws_route",
                    "depends_on": [
                        "aws_route_table.private",
                        "aws_vpc_peering_connection.infra"
                    ],
                    "primary": {
                        "id": "r-rtb-97527aef3979510400",
                        "attributes": {
                            "destination_cidr_block": "10.127.44.7/32",
                            "destination_prefix_list_id": "",
                            "egress_only_gateway_id": "",
                            "gateway_id": "",
                            "id": "r-rtb-97527aef3979510400",
                            "instance_id": "",
                            "instance_owner_id": "",
                            "nat_gateway_id": "",
                            "network_interface_id": "",
                            "origin": "CreateRoute",
                            "route_table_id": "rtb-97527aef",
                            "state": "active",
                            "vpc_peering_connection_id": "pcx-5af68633"
                        },
                        "meta": {},
                        "tainted": false
                    },
                    "deposed": [],
                    "provider": ""
                },
                "aws_route.bastion_public": {
                    "type": "aws_route",
                    "depends_on": [
                        "aws_route_table.public",
                        "aws_vpc_peering_connection.infra"
                    ],
                    "primary": {
                        "id": "r-rtb-4b5870333979510400",
                        "attributes": {
                            "destination_cidr_block": "10.127.44.7/32",
                            "destination_prefix_list_id": "",
                            "egress_only_gateway_id": "",
                            "gateway_id": "",
                            "id": "r-rtb-4b5870333979510400",
                            "instance_id": "",
                            "instance_owner_id": "",
                            "nat_gateway_id": "",
                            "network_interface_id": "",
                            "origin": "CreateRoute",
                            "route_table_id": "rtb-4b587033",
                            "state": "active",
                            "vpc_peering_connection_id": "pcx-5af68633"
                        },
                        "meta": {},
                        "tainted": false
                    },
                    "deposed": [],
                    "provider": ""
                },
                "aws_route.data_brewprod_vpc_natdc.0": {
                    "type": "aws_route",
                    "depends_on": [
                        "aws_route_table.natdc.*",
                        "aws_vpc_peering_connection.data_brewprod"
                    ],
                    "primary": {
                        "id": "r-rtb-de5078a63387057867",
                        "attributes": {
                            "destination_cidr_block": "10.123.32.0/20",
                            "destination_prefix_list_id": "",
                            "egress_only_gateway_id": "",
                            "gateway_id": "",
                            "id": "r-rtb-de5078a63387057867",
                            "instance_id": "",
                            "instance_owner_id": "",
                            "nat_gateway_id": "",
                            "network_interface_id": "",
                            "origin": "CreateRoute",
                            "route_table_id": "rtb-de5078a6",
                            "state": "active",
                            "vpc_peering_connection_id": "pcx-70e19219"
                        },
                        "meta": {},
                        "tainted": false
                    },
                    "deposed": [],
                    "provider": ""
                },
                "aws_route.data_brewprod_vpc_natdc.1": {
                    "type": "aws_route",
                    "depends_on": [
                        "aws_route_table.natdc.*",
                        "aws_vpc_peering_connection.data_brewprod"
                    ],
                    "primary": {
                        "id": "r-rtb-64456d1c3387057867",
                        "attributes": {
                            "destination_cidr_block": "10.123.32.0/20",
                            "destination_prefix_list_id": "",
                            "egress_only_gateway_id": "",
                            "gateway_id": "",
                            "id": "r-rtb-64456d1c3387057867",
                            "instance_id": "",
                            "instance_owner_id": "",
                            "nat_gateway_id": "",
                            "network_interface_id": "",
                            "origin": "CreateRoute",
                            "route_table_id": "rtb-64456d1c",
                            "state": "active",
                            "vpc_peering_connection_id": "pcx-70e19219"
                        },
                        "meta": {},
                        "tainted": false
                    },
                    "deposed": [],
                    "provider": ""
                },
                "aws_route.data_brewprod_vpc_natdc.2": {
                    "type": "aws_route",
                    "depends_on": [
                        "aws_route_table.natdc.*",
                        "aws_vpc_peering_connection.data_brewprod"
                    ],
                    "primary": {
                        "id": "r-rtb-445d753c3387057867",
                        "attributes": {
                            "destination_cidr_block": "10.123.32.0/20",
                            "destination_prefix_list_id": "",
                            "egress_only_gateway_id": "",
                            "gateway_id": "",
                            "id": "r-rtb-445d753c3387057867",
                            "instance_id": "",
                            "instance_owner_id": "",
                            "nat_gateway_id": "",
                            "network_interface_id": "",
                            "origin": "CreateRoute",
                            "route_table_id": "rtb-445d753c",
                            "state": "active",
                            "vpc_peering_connection_id": "pcx-70e19219"
                        },
                        "meta": {},
                        "tainted": false
                    },
                    "deposed": [],
                    "provider": ""
                },
                "aws_route.data_brewprod_vpc_natdc.3": {
                    "type": "aws_route",
                    "depends_on": [
                        "aws_route_table.natdc.*",
                        "aws_vpc_peering_connection.data_brewprod"
                    ],
                    "primary": {
                        "id": "r-rtb-aa456dd23387057867",
                        "attributes": {
                            "destination_cidr_block": "10.123.32.0/20",
                            "destination_prefix_list_id": "",
                            "egress_only_gateway_id": "",
                            "gateway_id": "",
                            "id": "r-rtb-aa456dd23387057867",
                            "instance_id": "",
                            "instance_owner_id": "",
                            "nat_gateway_id": "",
                            "network_interface_id": "",
                            "origin": "CreateRoute",
                            "route_table_id": "rtb-aa456dd2",
                            "state": "active",
                            "vpc_peering_connection_id": "pcx-70e19219"
                        },
                        "meta": {},
                        "tainted": false
                    },
                    "deposed": [],
                    "provider": ""
                },
                "aws_route.data_brewprod_vpc_natdc.4": {
                    "type": "aws_route",
                    "depends_on": [
                        "aws_route_table.natdc.*",
                        "aws_vpc_peering_connection.data_brewprod"
                    ],
                    "primary": {
                        "id": "r-rtb-8d5d75f53387057867",
                        "attributes": {
                            "destination_cidr_block": "10.123.32.0/20",
                            "destination_prefix_list_id": "",
                            "egress_only_gateway_id": "",
                            "gateway_id": "",
                            "id": "r-rtb-8d5d75f53387057867",
                            "instance_id": "",
                            "instance_owner_id": "",
                            "nat_gateway_id": "",
                            "network_interface_id": "",
                            "origin": "CreateRoute",
                            "route_table_id": "rtb-8d5d75f5",
                            "state": "active",
                            "vpc_peering_connection_id": "pcx-70e19219"
                        },
                        "meta": {},
                        "tainted": false
                    },
                    "deposed": [],
                    "provider": ""
                },
                "aws_route.data_brewprod_vpc_private": {
                    "type": "aws_route",
                    "depends_on": [
                        "aws_route_table.private",
                        "aws_vpc_peering_connection.data_brewprod"
                    ],
                    "primary": {
                        "id": "r-rtb-97527aef3387057867",
                        "attributes": {
                            "destination_cidr_block": "10.123.32.0/20",
                            "destination_prefix_list_id": "",
                            "egress_only_gateway_id": "",
                            "gateway_id": "",
                            "id": "r-rtb-97527aef3387057867",
                            "instance_id": "",
                            "instance_owner_id": "",
                            "nat_gateway_id": "",
                            "network_interface_id": "",
                            "origin": "CreateRoute",
                            "route_table_id": "rtb-97527aef",
                            "state": "active",
                            "vpc_peering_connection_id": "pcx-70e19219"
                        },
                        "meta": {},
                        "tainted": false
                    },
                    "deposed": [],
                    "provider": ""
                },
                "aws_route.data_brewprod_vpc_public": {
                    "type": "aws_route",
                    "depends_on": [
                        "aws_route_table.public",
                        "aws_vpc_peering_connection.data_brewprod"
                    ],
                    "primary": {
                        "id": "r-rtb-4b5870333387057867",
                        "attributes": {
                            "destination_cidr_block": "10.123.32.0/20",
                            "destination_prefix_list_id": "",
                            "egress_only_gateway_id": "",
                            "gateway_id": "",
                            "id": "r-rtb-4b5870333387057867",
                            "instance_id": "",
                            "instance_owner_id": "",
                            "nat_gateway_id": "",
                            "network_interface_id": "",
                            "origin": "CreateRoute",
                            "route_table_id": "rtb-4b587033",
                            "state": "active",
                            "vpc_peering_connection_id": "pcx-70e19219"
                        },
                        "meta": {},
                        "tainted": false
                    },
                    "deposed": [],
                    "provider": ""
                },
                "aws_route.data_prod_vpc_natdc.0": {
                    "type": "aws_route",
                    "depends_on": [
                        "aws_route_table.natdc.*",
                        "aws_vpc_peering_connection.data_prod"
                    ],
                    "primary": {
                        "id": "r-rtb-de5078a6236963316",
                        "attributes": {
                            "destination_cidr_block": "10.123.112.0/20",
                            "destination_prefix_list_id": "",
                            "egress_only_gateway_id": "",
                            "gateway_id": "",
                            "id": "r-rtb-de5078a6236963316",
                            "instance_id": "",
                            "instance_owner_id": "",
                            "nat_gateway_id": "",
                            "network_interface_id": "",
                            "origin": "CreateRoute",
                            "route_table_id": "rtb-de5078a6",
                            "state": "active",
                            "vpc_peering_connection_id": "pcx-6ce79405"
                        },
                        "meta": {},
                        "tainted": false
                    },
                    "deposed": [],
                    "provider": ""
                },
                "aws_route.data_prod_vpc_natdc.1": {
                    "type": "aws_route",
                    "depends_on": [
                        "aws_route_table.natdc.*",
                        "aws_vpc_peering_connection.data_prod"
                    ],
                    "primary": {
                        "id": "r-rtb-64456d1c236963316",
                        "attributes": {
                            "destination_cidr_block": "10.123.112.0/20",
                            "destination_prefix_list_id": "",
                            "egress_only_gateway_id": "",
                            "gateway_id": "",
                            "id": "r-rtb-64456d1c236963316",
                            "instance_id": "",
                            "instance_owner_id": "",
                            "nat_gateway_id": "",
                            "network_interface_id": "",
                            "origin": "CreateRoute",
                            "route_table_id": "rtb-64456d1c",
                            "state": "active",
                            "vpc_peering_connection_id": "pcx-6ce79405"
                        },
                        "meta": {},
                        "tainted": false
                    },
                    "deposed": [],
                    "provider": ""
                },
                "aws_route.data_prod_vpc_natdc.2": {
                    "type": "aws_route",
                    "depends_on": [
                        "aws_route_table.natdc.*",
                        "aws_vpc_peering_connection.data_prod"
                    ],
                    "primary": {
                        "id": "r-rtb-445d753c236963316",
                        "attributes": {
                            "destination_cidr_block": "10.123.112.0/20",
                            "destination_prefix_list_id": "",
                            "egress_only_gateway_id": "",
                            "gateway_id": "",
                            "id": "r-rtb-445d753c236963316",
                            "instance_id": "",
                            "instance_owner_id": "",
                            "nat_gateway_id": "",
                            "network_interface_id": "",
                            "origin": "CreateRoute",
                            "route_table_id": "rtb-445d753c",
                            "state": "active",
                            "vpc_peering_connection_id": "pcx-6ce79405"
                        },
                        "meta": {},
                        "tainted": false
                    },
                    "deposed": [],
                    "provider": ""
                },
                "aws_route.data_prod_vpc_natdc.3": {
                    "type": "aws_route",
                    "depends_on": [
                        "aws_route_table.natdc.*",
                        "aws_vpc_peering_connection.data_prod"
                    ],
                    "primary": {
                        "id": "r-rtb-aa456dd2236963316",
                        "attributes": {
                            "destination_cidr_block": "10.123.112.0/20",
                            "destination_prefix_list_id": "",
                            "egress_only_gateway_id": "",
                            "gateway_id": "",
                            "id": "r-rtb-aa456dd2236963316",
                            "instance_id": "",
                            "instance_owner_id": "",
                            "nat_gateway_id": "",
                            "network_interface_id": "",
                            "origin": "CreateRoute",
                            "route_table_id": "rtb-aa456dd2",
                            "state": "active",
                            "vpc_peering_connection_id": "pcx-6ce79405"
                        },
                        "meta": {},
                        "tainted": false
                    },
                    "deposed": [],
                    "provider": ""
                },
                "aws_route.data_prod_vpc_natdc.4": {
                    "type": "aws_route",
                    "depends_on": [
                        "aws_route_table.natdc.*",
                        "aws_vpc_peering_connection.data_prod"
                    ],
                    "primary": {
                        "id": "r-rtb-8d5d75f5236963316",
                        "attributes": {
                            "destination_cidr_block": "10.123.112.0/20",
                            "destination_prefix_list_id": "",
                            "egress_only_gateway_id": "",
                            "gateway_id": "",
                            "id": "r-rtb-8d5d75f5236963316",
                            "instance_id": "",
                            "instance_owner_id": "",
                            "nat_gateway_id": "",
                            "network_interface_id": "",
                            "origin": "CreateRoute",
                            "route_table_id": "rtb-8d5d75f5",
                            "state": "active",
                            "vpc_peering_connection_id": "pcx-6ce79405"
                        },
                        "meta": {},
                        "tainted": false
                    },
                    "deposed": [],
                    "provider": ""
                },
                "aws_route.data_prod_vpc_private": {
                    "type": "aws_route",
                    "depends_on": [
                        "aws_route_table.private",
                        "aws_vpc_peering_connection.data_prod"
                    ],
                    "primary": {
                        "id": "r-rtb-97527aef236963316",
                        "attributes": {
                            "destination_cidr_block": "10.123.112.0/20",
                            "destination_prefix_list_id": "",
                            "egress_only_gateway_id": "",
                            "gateway_id": "",
                            "id": "r-rtb-97527aef236963316",
                            "instance_id": "",
                            "instance_owner_id": "",
                            "nat_gateway_id": "",
                            "network_interface_id": "",
                            "origin": "CreateRoute",
                            "route_table_id": "rtb-97527aef",
                            "state": "active",
                            "vpc_peering_connection_id": "pcx-6ce79405"
                        },
                        "meta": {},
                        "tainted": false
                    },
                    "deposed": [],
                    "provider": ""
                },
                "aws_route.data_prod_vpc_public": {
                    "type": "aws_route",
                    "depends_on": [
                        "aws_route_table.public",
                        "aws_vpc_peering_connection.data_prod"
                    ],
                    "primary": {
                        "id": "r-rtb-4b587033236963316",
                        "attributes": {
                            "destination_cidr_block": "10.123.112.0/20",
                            "destination_prefix_list_id": "",
                            "egress_only_gateway_id": "",
                            "gateway_id": "",
                            "id": "r-rtb-4b587033236963316",
                            "instance_id": "",
                            "instance_owner_id": "",
                            "nat_gateway_id": "",
                            "network_interface_id": "",
                            "origin": "CreateRoute",
                            "route_table_id": "rtb-4b587033",
                            "state": "active",
                            "vpc_peering_connection_id": "pcx-6ce79405"
                        },
                        "meta": {},
                        "tainted": false
                    },
                    "deposed": [],
                    "provider": ""
                },
                "aws_route.infra_natdc.0": {
                    "type": "aws_route",
                    "depends_on": [
                        "aws_vpc_peering_connection.infra"
                    ],
                    "primary": {
                        "id": "r-rtb-a9def7d11818769564",
                        "attributes": {
                            "destination_cidr_block": "10.125.64.0/19",
                            "destination_prefix_list_id": "",
                            "egress_only_gateway_id": "",
                            "gateway_id": "",
                            "id": "r-rtb-a9def7d11818769564",
                            "instance_id": "",
                            "instance_owner_id": "",
                            "nat_gateway_id": "",
                            "network_interface_id": "",
                            "origin": "CreateRoute",
                            "route_table_id": "rtb-a9def7d1",
                            "state": "active",
                            "vpc_peering_connection_id": "pcx-5af68633"
                        },
                        "meta": {},
                        "tainted": false
                    },
                    "deposed": [],
                    "provider": ""
                },
                "aws_route.infra_natdc.1": {
                    "type": "aws_route",
                    "depends_on": [
                        "aws_vpc_peering_connection.infra"
                    ],
                    "primary": {
                        "id": "r-rtb-41d4fd391818769564",
                        "attributes": {
                            "destination_cidr_block": "10.125.64.0/19",
                            "destination_prefix_list_id": "",
                            "egress_only_gateway_id": "",
                            "gateway_id": "",
                            "id": "r-rtb-41d4fd391818769564",
                            "instance_id": "",
                            "instance_owner_id": "",
                            "nat_gateway_id": "",
                            "network_interface_id": "",
                            "origin": "CreateRoute",
                            "route_table_id": "rtb-41d4fd39",
                            "state": "active",
                            "vpc_peering_connection_id": "pcx-5af68633"
                        },
                        "meta": {},
                        "tainted": false
                    },
                    "deposed": [],
                    "provider": ""
                },
                "aws_route.infra_natdc.2": {
                    "type": "aws_route",
                    "depends_on": [
                        "aws_vpc_peering_connection.infra"
                    ],
                    "primary": {
                        "id": "r-rtb-dfdff6a71818769564",
                        "attributes": {
                            "destination_cidr_block": "10.125.64.0/19",
                            "destination_prefix_list_id": "",
                            "egress_only_gateway_id": "",
                            "gateway_id": "",
                            "id": "r-rtb-dfdff6a71818769564",
                            "instance_id": "",
                            "instance_owner_id": "",
                            "nat_gateway_id": "",
                            "network_interface_id": "",
                            "origin": "CreateRoute",
                            "route_table_id": "rtb-dfdff6a7",
                            "state": "active",
                            "vpc_peering_connection_id": "pcx-5af68633"
                        },
                        "meta": {},
                        "tainted": false
                    },
                    "deposed": [],
                    "provider": ""
                },
                "aws_route.infra_natdc.3": {
                    "type": "aws_route",
                    "depends_on": [
                        "aws_vpc_peering_connection.infra"
                    ],
                    "primary": {
                        "id": "r-rtb-b6a881ce1818769564",
                        "attributes": {
                            "destination_cidr_block": "10.125.64.0/19",
                            "destination_prefix_list_id": "",
                            "egress_only_gateway_id": "",
                            "gateway_id": "",
                            "id": "r-rtb-b6a881ce1818769564",
                            "instance_id": "",
                            "instance_owner_id": "",
                            "nat_gateway_id": "",
                            "network_interface_id": "",
                            "origin": "CreateRoute",
                            "route_table_id": "rtb-b6a881ce",
                            "state": "active",
                            "vpc_peering_connection_id": "pcx-5af68633"
                        },
                        "meta": {},
                        "tainted": false
                    },
                    "deposed": [],
                    "provider": ""
                },
                "aws_route.infra_natdc.4": {
                    "type": "aws_route",
                    "depends_on": [
                        "aws_vpc_peering_connection.infra"
                    ],
                    "primary": {
                        "id": "r-rtb-77d0f90f1818769564",
                        "attributes": {
                            "destination_cidr_block": "10.125.64.0/19",
                            "destination_prefix_list_id": "",
                            "egress_only_gateway_id": "",
                            "gateway_id": "",
                            "id": "r-rtb-77d0f90f1818769564",
                            "instance_id": "",
                            "instance_owner_id": "",
                            "nat_gateway_id": "",
                            "network_interface_id": "",
                            "origin": "CreateRoute",
                            "route_table_id": "rtb-77d0f90f",
                            "state": "active",
                            "vpc_peering_connection_id": "pcx-5af68633"
                        },
                        "meta": {},
                        "tainted": false
                    },
                    "deposed": [],
                    "provider": ""
                },
                "aws_route.infra_private": {
                    "type": "aws_route",
                    "depends_on": [
                        "aws_vpc_peering_connection.infra"
                    ],
                    "primary": {
                        "id": "r-rtb-d4d2fbac1818769564",
                        "attributes": {
                            "destination_cidr_block": "10.125.64.0/19",
                            "destination_prefix_list_id": "",
                            "egress_only_gateway_id": "",
                            "gateway_id": "",
                            "id": "r-rtb-d4d2fbac1818769564",
                            "instance_id": "",
                            "instance_owner_id": "",
                            "nat_gateway_id": "",
                            "network_interface_id": "",
                            "origin": "CreateRoute",
                            "route_table_id": "rtb-d4d2fbac",
                            "state": "active",
                            "vpc_peering_connection_id": "pcx-5af68633"
                        },
                        "meta": {},
                        "tainted": false
                    },
                    "deposed": [],
                    "provider": ""
                },
                "aws_route.infra_public": {
                    "type": "aws_route",
                    "depends_on": [
                        "aws_vpc_peering_connection.infra"
                    ],
                    "primary": {
                        "id": "r-rtb-6ddcf5151818769564",
                        "attributes": {
                            "destination_cidr_block": "10.125.64.0/19",
                            "destination_prefix_list_id": "",
                            "egress_only_gateway_id": "",
                            "gateway_id": "",
                            "id": "r-rtb-6ddcf5151818769564",
                            "instance_id": "",
                            "instance_owner_id": "",
                            "nat_gateway_id": "",
                            "network_interface_id": "",
                            "origin": "CreateRoute",
                            "route_table_id": "rtb-6ddcf515",
                            "state": "active",
                            "vpc_peering_connection_id": "pcx-5af68633"
                        },
                        "meta": {},
                        "tainted": false
                    },
                    "deposed": [],
                    "provider": ""
                },
                "aws_route.jcx_comp_vpc_natdc.0": {
                    "type": "aws_route",
                    "depends_on": [
                        "aws_route_table.natdc.*"
                    ],
                    "primary": {
                        "id": "r-rtb-de5078a650443699",
                        "attributes": {
                            "destination_cidr_block": "10.125.112.0/20",
                            "destination_prefix_list_id": "",
                            "egress_only_gateway_id": "",
                            "gateway_id": "",
                            "id": "r-rtb-de5078a650443699",
                            "instance_id": "",
                            "instance_owner_id": "",
                            "nat_gateway_id": "",
                            "network_interface_id": "",
                            "origin": "CreateRoute",
                            "route_table_id": "rtb-de5078a6",
                            "state": "active",
                            "vpc_peering_connection_id": "pcx-e5e4978c"
                        },
                        "meta": {},
                        "tainted": false
                    },
                    "deposed": [],
                    "provider": ""
                },
                "aws_route.jcx_comp_vpc_natdc.1": {
                    "type": "aws_route",
                    "depends_on": [
                        "aws_route_table.natdc.*"
                    ],
                    "primary": {
                        "id": "r-rtb-64456d1c50443699",
                        "attributes": {
                            "destination_cidr_block": "10.125.112.0/20",
                            "destination_prefix_list_id": "",
                            "egress_only_gateway_id": "",
                            "gateway_id": "",
                            "id": "r-rtb-64456d1c50443699",
                            "instance_id": "",
                            "instance_owner_id": "",
                            "nat_gateway_id": "",
                            "network_interface_id": "",
                            "origin": "CreateRoute",
                            "route_table_id": "rtb-64456d1c",
                            "state": "active",
                            "vpc_peering_connection_id": "pcx-e5e4978c"
                        },
                        "meta": {},
                        "tainted": false
                    },
                    "deposed": [],
                    "provider": ""
                },
                "aws_route.jcx_comp_vpc_natdc.2": {
                    "type": "aws_route",
                    "depends_on": [
                        "aws_route_table.natdc.*"
                    ],
                    "primary": {
                        "id": "r-rtb-445d753c50443699",
                        "attributes": {
                            "destination_cidr_block": "10.125.112.0/20",
                            "destination_prefix_list_id": "",
                            "egress_only_gateway_id": "",
                            "gateway_id": "",
                            "id": "r-rtb-445d753c50443699",
                            "instance_id": "",
                            "instance_owner_id": "",
                            "nat_gateway_id": "",
                            "network_interface_id": "",
                            "origin": "CreateRoute",
                            "route_table_id": "rtb-445d753c",
                            "state": "active",
                            "vpc_peering_connection_id": "pcx-e5e4978c"
                        },
                        "meta": {},
                        "tainted": false
                    },
                    "deposed": [],
                    "provider": ""
                },
                "aws_route.jcx_comp_vpc_natdc.3": {
                    "type": "aws_route",
                    "depends_on": [
                        "aws_route_table.natdc.*"
                    ],
                    "primary": {
                        "id": "r-rtb-aa456dd250443699",
                        "attributes": {
                            "destination_cidr_block": "10.125.112.0/20",
                            "destination_prefix_list_id": "",
                            "egress_only_gateway_id": "",
                            "gateway_id": "",
                            "id": "r-rtb-aa456dd250443699",
                            "instance_id": "",
                            "instance_owner_id": "",
                            "nat_gateway_id": "",
                            "network_interface_id": "",
                            "origin": "CreateRoute",
                            "route_table_id": "rtb-aa456dd2",
                            "state": "active",
                            "vpc_peering_connection_id": "pcx-e5e4978c"
                        },
                        "meta": {},
                        "tainted": false
                    },
                    "deposed": [],
                    "provider": ""
                },
                "aws_route.jcx_comp_vpc_natdc.4": {
                    "type": "aws_route",
                    "depends_on": [
                        "aws_route_table.natdc.*"
                    ],
                    "primary": {
                        "id": "r-rtb-8d5d75f550443699",
                        "attributes": {
                            "destination_cidr_block": "10.125.112.0/20",
                            "destination_prefix_list_id": "",
                            "egress_only_gateway_id": "",
                            "gateway_id": "",
                            "id": "r-rtb-8d5d75f550443699",
                            "instance_id": "",
                            "instance_owner_id": "",
                            "nat_gateway_id": "",
                            "network_interface_id": "",
                            "origin": "CreateRoute",
                            "route_table_id": "rtb-8d5d75f5",
                            "state": "active",
                            "vpc_peering_connection_id": "pcx-e5e4978c"
                        },
                        "meta": {},
                        "tainted": false
                    },
                    "deposed": [],
                    "provider": ""
                },
                "aws_route.jcx_comp_vpc_private": {
                    "type": "aws_route",
                    "depends_on": [
                        "aws_route_table.private"
                    ],
                    "primary": {
                        "id": "r-rtb-97527aef50443699",
                        "attributes": {
                            "destination_cidr_block": "10.125.112.0/20",
                            "destination_prefix_list_id": "",
                            "egress_only_gateway_id": "",
                            "gateway_id": "",
                            "id": "r-rtb-97527aef50443699",
                            "instance_id": "",
                            "instance_owner_id": "",
                            "nat_gateway_id": "",
                            "network_interface_id": "",
                            "origin": "CreateRoute",
                            "route_table_id": "rtb-97527aef",
                            "state": "active",
                            "vpc_peering_connection_id": "pcx-e5e4978c"
                        },
                        "meta": {},
                        "tainted": false
                    },
                    "deposed": [],
                    "provider": ""
                },
                "aws_route.jcx_comp_vpc_public": {
                    "type": "aws_route",
                    "depends_on": [
                        "aws_route_table.public"
                    ],
                    "primary": {
                        "id": "r-rtb-4b58703350443699",
                        "attributes": {
                            "destination_cidr_block": "10.125.112.0/20",
                            "destination_prefix_list_id": "",
                            "egress_only_gateway_id": "",
                            "gateway_id": "",
                            "id": "r-rtb-4b58703350443699",
                            "instance_id": "",
                            "instance_owner_id": "",
                            "nat_gateway_id": "",
                            "network_interface_id": "",
                            "origin": "CreateRoute",
                            "route_table_id": "rtb-4b587033",
                            "state": "active",
                            "vpc_peering_connection_id": "pcx-e5e4978c"
                        },
                        "meta": {},
                        "tainted": false
                    },
                    "deposed": [],
                    "provider": ""
                },
                "aws_route.ms_prod_vpc_natdc.0": {
                    "type": "aws_route",
                    "depends_on": [
                        "aws_route_table.natdc.*",
                        "aws_vpc_peering_connection.ms_pipeline"
                    ],
                    "primary": {
                        "id": "r-rtb-de5078a63773308537",
                        "attributes": {
                            "destination_cidr_block": "10.125.0.0/19",
                            "destination_prefix_list_id": "",
                            "egress_only_gateway_id": "",
                            "gateway_id": "",
                            "id": "r-rtb-de5078a63773308537",
                            "instance_id": "",
                            "instance_owner_id": "",
                            "nat_gateway_id": "",
                            "network_interface_id": "",
                            "origin": "CreateRoute",
                            "route_table_id": "rtb-de5078a6",
                            "state": "active",
                            "vpc_peering_connection_id": "pcx-a5e192cc"
                        },
                        "meta": {},
                        "tainted": false
                    },
                    "deposed": [],
                    "provider": ""
                },
                "aws_route.ms_prod_vpc_natdc.1": {
                    "type": "aws_route",
                    "depends_on": [
                        "aws_route_table.natdc.*",
                        "aws_vpc_peering_connection.ms_pipeline"
                    ],
                    "primary": {
                        "id": "r-rtb-64456d1c3773308537",
                        "attributes": {
                            "destination_cidr_block": "10.125.0.0/19",
                            "destination_prefix_list_id": "",
                            "egress_only_gateway_id": "",
                            "gateway_id": "",
                            "id": "r-rtb-64456d1c3773308537",
                            "instance_id": "",
                            "instance_owner_id": "",
                            "nat_gateway_id": "",
                            "network_interface_id": "",
                            "origin": "CreateRoute",
                            "route_table_id": "rtb-64456d1c",
                            "state": "active",
                            "vpc_peering_connection_id": "pcx-a5e192cc"
                        },
                        "meta": {},
                        "tainted": false
                    },
                    "deposed": [],
                    "provider": ""
                },
                "aws_route.ms_prod_vpc_natdc.2": {
                    "type": "aws_route",
                    "depends_on": [
                        "aws_route_table.natdc.*",
                        "aws_vpc_peering_connection.ms_pipeline"
                    ],
                    "primary": {
                        "id": "r-rtb-445d753c3773308537",
                        "attributes": {
                            "destination_cidr_block": "10.125.0.0/19",
                            "destination_prefix_list_id": "",
                            "egress_only_gateway_id": "",
                            "gateway_id": "",
                            "id": "r-rtb-445d753c3773308537",
                            "instance_id": "",
                            "instance_owner_id": "",
                            "nat_gateway_id": "",
                            "network_interface_id": "",
                            "origin": "CreateRoute",
                            "route_table_id": "rtb-445d753c",
                            "state": "active",
                            "vpc_peering_connection_id": "pcx-a5e192cc"
                        },
                        "meta": {},
                        "tainted": false
                    },
                    "deposed": [],
                    "provider": ""
                },
                "aws_route.ms_prod_vpc_natdc.3": {
                    "type": "aws_route",
                    "depends_on": [
                        "aws_route_table.natdc.*",
                        "aws_vpc_peering_connection.ms_pipeline"
                    ],
                    "primary": {
                        "id": "r-rtb-aa456dd23773308537",
                        "attributes": {
                            "destination_cidr_block": "10.125.0.0/19",
                            "destination_prefix_list_id": "",
                            "egress_only_gateway_id": "",
                            "gateway_id": "",
                            "id": "r-rtb-aa456dd23773308537",
                            "instance_id": "",
                            "instance_owner_id": "",
                            "nat_gateway_id": "",
                            "network_interface_id": "",
                            "origin": "CreateRoute",
                            "route_table_id": "rtb-aa456dd2",
                            "state": "active",
                            "vpc_peering_connection_id": "pcx-a5e192cc"
                        },
                        "meta": {},
                        "tainted": false
                    },
                    "deposed": [],
                    "provider": ""
                },
                "aws_route.ms_prod_vpc_natdc.4": {
                    "type": "aws_route",
                    "depends_on": [
                        "aws_route_table.natdc.*",
                        "aws_vpc_peering_connection.ms_pipeline"
                    ],
                    "primary": {
                        "id": "r-rtb-8d5d75f53773308537",
                        "attributes": {
                            "destination_cidr_block": "10.125.0.0/19",
                            "destination_prefix_list_id": "",
                            "egress_only_gateway_id": "",
                            "gateway_id": "",
                            "id": "r-rtb-8d5d75f53773308537",
                            "instance_id": "",
                            "instance_owner_id": "",
                            "nat_gateway_id": "",
                            "network_interface_id": "",
                            "origin": "CreateRoute",
                            "route_table_id": "rtb-8d5d75f5",
                            "state": "active",
                            "vpc_peering_connection_id": "pcx-a5e192cc"
                        },
                        "meta": {},
                        "tainted": false
                    },
                    "deposed": [],
                    "provider": ""
                },
                "aws_route.reco_brewprod_vpc_natdc.0": {
                    "type": "aws_route",
                    "depends_on": [
                        "aws_route_table.natdc.*",
                        "aws_vpc_peering_connection.reco_brewprod"
                    ],
                    "primary": {
                        "id": "r-rtb-de5078a6118812478",
                        "attributes": {
                            "destination_cidr_block": "10.126.64.0/20",
                            "destination_prefix_list_id": "",
                            "egress_only_gateway_id": "",
                            "gateway_id": "",
                            "id": "r-rtb-de5078a6118812478",
                            "instance_id": "",
                            "instance_owner_id": "",
                            "nat_gateway_id": "",
                            "network_interface_id": "",
                            "origin": "CreateRoute",
                            "route_table_id": "rtb-de5078a6",
                            "state": "active",
                            "vpc_peering_connection_id": "pcx-7de19214"
                        },
                        "meta": {},
                        "tainted": false
                    },
                    "deposed": [],
                    "provider": ""
                },
                "aws_route.reco_brewprod_vpc_natdc.1": {
                    "type": "aws_route",
                    "depends_on": [
                        "aws_route_table.natdc.*",
                        "aws_vpc_peering_connection.reco_brewprod"
                    ],
                    "primary": {
                        "id": "r-rtb-64456d1c118812478",
                        "attributes": {
                            "destination_cidr_block": "10.126.64.0/20",
                            "destination_prefix_list_id": "",
                            "egress_only_gateway_id": "",
                            "gateway_id": "",
                            "id": "r-rtb-64456d1c118812478",
                            "instance_id": "",
                            "instance_owner_id": "",
                            "nat_gateway_id": "",
                            "network_interface_id": "",
                            "origin": "CreateRoute",
                            "route_table_id": "rtb-64456d1c",
                            "state": "active",
                            "vpc_peering_connection_id": "pcx-7de19214"
                        },
                        "meta": {},
                        "tainted": false
                    },
                    "deposed": [],
                    "provider": ""
                },
                "aws_route.reco_brewprod_vpc_natdc.2": {
                    "type": "aws_route",
                    "depends_on": [
                        "aws_route_table.natdc.*",
                        "aws_vpc_peering_connection.reco_brewprod"
                    ],
                    "primary": {
                        "id": "r-rtb-445d753c118812478",
                        "attributes": {
                            "destination_cidr_block": "10.126.64.0/20",
                            "destination_prefix_list_id": "",
                            "egress_only_gateway_id": "",
                            "gateway_id": "",
                            "id": "r-rtb-445d753c118812478",
                            "instance_id": "",
                            "instance_owner_id": "",
                            "nat_gateway_id": "",
                            "network_interface_id": "",
                            "origin": "CreateRoute",
                            "route_table_id": "rtb-445d753c",
                            "state": "active",
                            "vpc_peering_connection_id": "pcx-7de19214"
                        },
                        "meta": {},
                        "tainted": false
                    },
                    "deposed": [],
                    "provider": ""
                },
                "aws_route.reco_brewprod_vpc_natdc.3": {
                    "type": "aws_route",
                    "depends_on": [
                        "aws_route_table.natdc.*",
                        "aws_vpc_peering_connection.reco_brewprod"
                    ],
                    "primary": {
                        "id": "r-rtb-aa456dd2118812478",
                        "attributes": {
                            "destination_cidr_block": "10.126.64.0/20",
                            "destination_prefix_list_id": "",
                            "egress_only_gateway_id": "",
                            "gateway_id": "",
                            "id": "r-rtb-aa456dd2118812478",
                            "instance_id": "",
                            "instance_owner_id": "",
                            "nat_gateway_id": "",
                            "network_interface_id": "",
                            "origin": "CreateRoute",
                            "route_table_id": "rtb-aa456dd2",
                            "state": "active",
                            "vpc_peering_connection_id": "pcx-7de19214"
                        },
                        "meta": {},
                        "tainted": false
                    },
                    "deposed": [],
                    "provider": ""
                },
                "aws_route.reco_brewprod_vpc_natdc.4": {
                    "type": "aws_route",
                    "depends_on": [
                        "aws_route_table.natdc.*",
                        "aws_vpc_peering_connection.reco_brewprod"
                    ],
                    "primary": {
                        "id": "r-rtb-8d5d75f5118812478",
                        "attributes": {
                            "destination_cidr_block": "10.126.64.0/20",
                            "destination_prefix_list_id": "",
                            "egress_only_gateway_id": "",
                            "gateway_id": "",
                            "id": "r-rtb-8d5d75f5118812478",
                            "instance_id": "",
                            "instance_owner_id": "",
                            "nat_gateway_id": "",
                            "network_interface_id": "",
                            "origin": "CreateRoute",
                            "route_table_id": "rtb-8d5d75f5",
                            "state": "active",
                            "vpc_peering_connection_id": "pcx-7de19214"
                        },
                        "meta": {},
                        "tainted": false
                    },
                    "deposed": [],
                    "provider": ""
                },
                "aws_route.reco_brewprod_vpc_private": {
                    "type": "aws_route",
                    "depends_on": [
                        "aws_route_table.private",
                        "aws_vpc_peering_connection.reco_brewprod"
                    ],
                    "primary": {
                        "id": "r-rtb-97527aef118812478",
                        "attributes": {
                            "destination_cidr_block": "10.126.64.0/20",
                            "destination_prefix_list_id": "",
                            "egress_only_gateway_id": "",
                            "gateway_id": "",
                            "id": "r-rtb-97527aef118812478",
                            "instance_id": "",
                            "instance_owner_id": "",
                            "nat_gateway_id": "",
                            "network_interface_id": "",
                            "origin": "CreateRoute",
                            "route_table_id": "rtb-97527aef",
                            "state": "active",
                            "vpc_peering_connection_id": "pcx-7de19214"
                        },
                        "meta": {},
                        "tainted": false
                    },
                    "deposed": [],
                    "provider": ""
                },
                "aws_route.reco_brewprod_vpc_public": {
                    "type": "aws_route",
                    "depends_on": [
                        "aws_route_table.public",
                        "aws_vpc_peering_connection.reco_brewprod"
                    ],
                    "primary": {
                        "id": "r-rtb-4b587033118812478",
                        "attributes": {
                            "destination_cidr_block": "10.126.64.0/20",
                            "destination_prefix_list_id": "",
                            "egress_only_gateway_id": "",
                            "gateway_id": "",
                            "id": "r-rtb-4b587033118812478",
                            "instance_id": "",
                            "instance_owner_id": "",
                            "nat_gateway_id": "",
                            "network_interface_id": "",
                            "origin": "CreateRoute",
                            "route_table_id": "rtb-4b587033",
                            "state": "active",
                            "vpc_peering_connection_id": "pcx-7de19214"
                        },
                        "meta": {},
                        "tainted": false
                    },
                    "deposed": [],
                    "provider": ""
                },
                "aws_route.reco_prod_vpc_natdc.0": {
                    "type": "aws_route",
                    "depends_on": [
                        "aws_route_table.natdc.*",
                        "aws_vpc_peering_connection.reco_prod"
                    ],
                    "primary": {
                        "id": "r-rtb-de5078a63895856816",
                        "attributes": {
                            "destination_cidr_block": "10.126.112.0/20",
                            "destination_prefix_list_id": "",
                            "egress_only_gateway_id": "",
                            "gateway_id": "",
                            "id": "r-rtb-de5078a63895856816",
                            "instance_id": "",
                            "instance_owner_id": "",
                            "nat_gateway_id": "",
                            "network_interface_id": "",
                            "origin": "CreateRoute",
                            "route_table_id": "rtb-de5078a6",
                            "state": "active",
                            "vpc_peering_connection_id": "pcx-dce596b5"
                        },
                        "meta": {},
                        "tainted": false
                    },
                    "deposed": [],
                    "provider": ""
                },
                "aws_route.reco_prod_vpc_natdc.1": {
                    "type": "aws_route",
                    "depends_on": [
                        "aws_route_table.natdc.*",
                        "aws_vpc_peering_connection.reco_prod"
                    ],
                    "primary": {
                        "id": "r-rtb-64456d1c3895856816",
                        "attributes": {
                            "destination_cidr_block": "10.126.112.0/20",
                            "destination_prefix_list_id": "",
                            "egress_only_gateway_id": "",
                            "gateway_id": "",
                            "id": "r-rtb-64456d1c3895856816",
                            "instance_id": "",
                            "instance_owner_id": "",
                            "nat_gateway_id": "",
                            "network_interface_id": "",
                            "origin": "CreateRoute",
                            "route_table_id": "rtb-64456d1c",
                            "state": "active",
                            "vpc_peering_connection_id": "pcx-dce596b5"
                        },
                        "meta": {},
                        "tainted": false
                    },
                    "deposed": [],
                    "provider": ""
                },
                "aws_route.reco_prod_vpc_natdc.2": {
                    "type": "aws_route",
                    "depends_on": [
                        "aws_route_table.natdc.*",
                        "aws_vpc_peering_connection.reco_prod"
                    ],
                    "primary": {
                        "id": "r-rtb-445d753c3895856816",
                        "attributes": {
                            "destination_cidr_block": "10.126.112.0/20",
                            "destination_prefix_list_id": "",
                            "egress_only_gateway_id": "",
                            "gateway_id": "",
                            "id": "r-rtb-445d753c3895856816",
                            "instance_id": "",
                            "instance_owner_id": "",
                            "nat_gateway_id": "",
                            "network_interface_id": "",
                            "origin": "CreateRoute",
                            "route_table_id": "rtb-445d753c",
                            "state": "active",
                            "vpc_peering_connection_id": "pcx-dce596b5"
                        },
                        "meta": {},
                        "tainted": false
                    },
                    "deposed": [],
                    "provider": ""
                },
                "aws_route.reco_prod_vpc_natdc.3": {
                    "type": "aws_route",
                    "depends_on": [
                        "aws_route_table.natdc.*",
                        "aws_vpc_peering_connection.reco_prod"
                    ],
                    "primary": {
                        "id": "r-rtb-aa456dd23895856816",
                        "attributes": {
                            "destination_cidr_block": "10.126.112.0/20",
                            "destination_prefix_list_id": "",
                            "egress_only_gateway_id": "",
                            "gateway_id": "",
                            "id": "r-rtb-aa456dd23895856816",
                            "instance_id": "",
                            "instance_owner_id": "",
                            "nat_gateway_id": "",
                            "network_interface_id": "",
                            "origin": "CreateRoute",
                            "route_table_id": "rtb-aa456dd2",
                            "state": "active",
                            "vpc_peering_connection_id": "pcx-dce596b5"
                        },
                        "meta": {},
                        "tainted": false
                    },
                    "deposed": [],
                    "provider": ""
                },
                "aws_route.reco_prod_vpc_natdc.4": {
                    "type": "aws_route",
                    "depends_on": [
                        "aws_route_table.natdc.*",
                        "aws_vpc_peering_connection.reco_prod"
                    ],
                    "primary": {
                        "id": "r-rtb-8d5d75f53895856816",
                        "attributes": {
                            "destination_cidr_block": "10.126.112.0/20",
                            "destination_prefix_list_id": "",
                            "egress_only_gateway_id": "",
                            "gateway_id": "",
                            "id": "r-rtb-8d5d75f53895856816",
                            "instance_id": "",
                            "instance_owner_id": "",
                            "nat_gateway_id": "",
                            "network_interface_id": "",
                            "origin": "CreateRoute",
                            "route_table_id": "rtb-8d5d75f5",
                            "state": "active",
                            "vpc_peering_connection_id": "pcx-dce596b5"
                        },
                        "meta": {},
                        "tainted": false
                    },
                    "deposed": [],
                    "provider": ""
                },
                "aws_route.reco_prod_vpc_private": {
                    "type": "aws_route",
                    "depends_on": [
                        "aws_route_table.private",
                        "aws_vpc_peering_connection.reco_prod"
                    ],
                    "primary": {
                        "id": "r-rtb-97527aef3895856816",
                        "attributes": {
                            "destination_cidr_block": "10.126.112.0/20",
                            "destination_prefix_list_id": "",
                            "egress_only_gateway_id": "",
                            "gateway_id": "",
                            "id": "r-rtb-97527aef3895856816",
                            "instance_id": "",
                            "instance_owner_id": "",
                            "nat_gateway_id": "",
                            "network_interface_id": "",
                            "origin": "CreateRoute",
                            "route_table_id": "rtb-97527aef",
                            "state": "active",
                            "vpc_peering_connection_id": "pcx-dce596b5"
                        },
                        "meta": {},
                        "tainted": false
                    },
                    "deposed": [],
                    "provider": ""
                },
                "aws_route.reco_prod_vpc_public": {
                    "type": "aws_route",
                    "depends_on": [
                        "aws_route_table.public",
                        "aws_vpc_peering_connection.reco_prod"
                    ],
                    "primary": {
                        "id": "r-rtb-4b5870333895856816",
                        "attributes": {
                            "destination_cidr_block": "10.126.112.0/20",
                            "destination_prefix_list_id": "",
                            "egress_only_gateway_id": "",
                            "gateway_id": "",
                            "id": "r-rtb-4b5870333895856816",
                            "instance_id": "",
                            "instance_owner_id": "",
                            "nat_gateway_id": "",
                            "network_interface_id": "",
                            "origin": "CreateRoute",
                            "route_table_id": "rtb-4b587033",
                            "state": "active",
                            "vpc_peering_connection_id": "pcx-dce596b5"
                        },
                        "meta": {},
                        "tainted": false
                    },
                    "deposed": [],
                    "provider": ""
                },
                "aws_route53_zone_association.route53": {
                    "type": "aws_route53_zone_association",
                    "depends_on": [
                        "aws_vpc.main"
                    ],
                    "primary": {
                        "id": "Z3IWCGZKOXJTEC:vpc-677ae11e",
                        "attributes": {
                            "id": "Z3IWCGZKOXJTEC:vpc-677ae11e",
                            "vpc_id": "vpc-677ae11e",
                            "vpc_region": "us-east-1",
                            "zone_id": "Z3IWCGZKOXJTEC"
                        },
                        "meta": {},
                        "tainted": false
                    },
                    "deposed": [],
                    "provider": ""
                },
                "aws_route_table.natdc.0": {
                    "type": "aws_route_table",
                    "depends_on": [
                        "aws_nat_gateway.natgw.*",
                        "aws_vpc.main",
                        "aws_vpn_gateway.vgw"
                    ],
                    "primary": {
                        "id": "rtb-de5078a6",
                        "attributes": {
                            "id": "rtb-de5078a6",
                            "propagating_vgws.#": "1",
                            "propagating_vgws.2681207824": "vgw-bc8e65d5",
                            "route.#": "8",
                            "route.1352123527.cidr_block": "10.126.64.0/20",
                            "route.1352123527.egress_only_gateway_id": "",
                            "route.1352123527.gateway_id": "",
                            "route.1352123527.instance_id": "",
                            "route.1352123527.ipv6_cidr_block": "",
                            "route.1352123527.nat_gateway_id": "",
                            "route.1352123527.network_interface_id": "",
                            "route.1352123527.vpc_peering_connection_id": "pcx-7de19214",
                            "route.1615982293.cidr_block": "10.123.112.0/20",
                            "route.1615982293.egress_only_gateway_id": "",
                            "route.1615982293.gateway_id": "",
                            "route.1615982293.instance_id": "",
                            "route.1615982293.ipv6_cidr_block": "",
                            "route.1615982293.nat_gateway_id": "",
                            "route.1615982293.network_interface_id": "",
                            "route.1615982293.vpc_peering_connection_id": "pcx-6ce79405",
                            "route.1703052853.cidr_block": "10.126.112.0/20",
                            "route.1703052853.egress_only_gateway_id": "",
                            "route.1703052853.gateway_id": "",
                            "route.1703052853.instance_id": "",
                            "route.1703052853.ipv6_cidr_block": "",
                            "route.1703052853.nat_gateway_id": "",
                            "route.1703052853.network_interface_id": "",
                            "route.1703052853.vpc_peering_connection_id": "pcx-dce596b5",
                            "route.1719930171.cidr_block": "10.125.0.0/19",
                            "route.1719930171.egress_only_gateway_id": "",
                            "route.1719930171.gateway_id": "",
                            "route.1719930171.instance_id": "",
                            "route.1719930171.ipv6_cidr_block": "",
                            "route.1719930171.nat_gateway_id": "",
                            "route.1719930171.network_interface_id": "",
                            "route.1719930171.vpc_peering_connection_id": "pcx-a5e192cc",
                            "route.2039882075.cidr_block": "10.125.112.0/20",
                            "route.2039882075.egress_only_gateway_id": "",
                            "route.2039882075.gateway_id": "",
                            "route.2039882075.instance_id": "",
                            "route.2039882075.ipv6_cidr_block": "",
                            "route.2039882075.nat_gateway_id": "",
                            "route.2039882075.network_interface_id": "",
                            "route.2039882075.vpc_peering_connection_id": "pcx-e5e4978c",
                            "route.3602977320.cidr_block": "10.123.32.0/20",
                            "route.3602977320.egress_only_gateway_id": "",
                            "route.3602977320.gateway_id": "",
                            "route.3602977320.instance_id": "",
                            "route.3602977320.ipv6_cidr_block": "",
                            "route.3602977320.nat_gateway_id": "",
                            "route.3602977320.network_interface_id": "",
                            "route.3602977320.vpc_peering_connection_id": "pcx-70e19219",
                            "route.4078245949.cidr_block": "10.127.44.7/32",
                            "route.4078245949.egress_only_gateway_id": "",
                            "route.4078245949.gateway_id": "",
                            "route.4078245949.instance_id": "",
                            "route.4078245949.ipv6_cidr_block": "",
                            "route.4078245949.nat_gateway_id": "",
                            "route.4078245949.network_interface_id": "",
                            "route.4078245949.vpc_peering_connection_id": "pcx-5af68633",
                            "route.846801562.cidr_block": "0.0.0.0/0",
                            "route.846801562.egress_only_gateway_id": "",
                            "route.846801562.gateway_id": "",
                            "route.846801562.instance_id": "",
                            "route.846801562.ipv6_cidr_block": "",
                            "route.846801562.nat_gateway_id": "nat-061d92001b063186f",
                            "route.846801562.network_interface_id": "",
                            "route.846801562.vpc_peering_connection_id": "",
                            "tags.%": "5",
                            "tags.Name": "prod-natdc-routetable",
                            "tags.account_name": "jive-microservices-prod",
                            "tags.pipeline_phase": "prod",
                            "tags.region": "us-east-1",
                            "tags.sla": "prod",
                            "vpc_id": "vpc-677ae11e"
                        },
                        "meta": {},
                        "tainted": false
                    },
                    "deposed": [],
                    "provider": ""
                },
                "aws_route_table.natdc.1": {
                    "type": "aws_route_table",
                    "depends_on": [
                        "aws_nat_gateway.natgw.*",
                        "aws_vpc.main",
                        "aws_vpn_gateway.vgw"
                    ],
                    "primary": {
                        "id": "rtb-64456d1c",
                        "attributes": {
                            "id": "rtb-64456d1c",
                            "propagating_vgws.#": "1",
                            "propagating_vgws.2681207824": "vgw-bc8e65d5",
                            "route.#": "8",
                            "route.1352123527.cidr_block": "10.126.64.0/20",
                            "route.1352123527.egress_only_gateway_id": "",
                            "route.1352123527.gateway_id": "",
                            "route.1352123527.instance_id": "",
                            "route.1352123527.ipv6_cidr_block": "",
                            "route.1352123527.nat_gateway_id": "",
                            "route.1352123527.network_interface_id": "",
                            "route.1352123527.vpc_peering_connection_id": "pcx-7de19214",
                            "route.1615982293.cidr_block": "10.123.112.0/20",
                            "route.1615982293.egress_only_gateway_id": "",
                            "route.1615982293.gateway_id": "",
                            "route.1615982293.instance_id": "",
                            "route.1615982293.ipv6_cidr_block": "",
                            "route.1615982293.nat_gateway_id": "",
                            "route.1615982293.network_interface_id": "",
                            "route.1615982293.vpc_peering_connection_id": "pcx-6ce79405",
                            "route.1703052853.cidr_block": "10.126.112.0/20",
                            "route.1703052853.egress_only_gateway_id": "",
                            "route.1703052853.gateway_id": "",
                            "route.1703052853.instance_id": "",
                            "route.1703052853.ipv6_cidr_block": "",
                            "route.1703052853.nat_gateway_id": "",
                            "route.1703052853.network_interface_id": "",
                            "route.1703052853.vpc_peering_connection_id": "pcx-dce596b5",
                            "route.1719930171.cidr_block": "10.125.0.0/19",
                            "route.1719930171.egress_only_gateway_id": "",
                            "route.1719930171.gateway_id": "",
                            "route.1719930171.instance_id": "",
                            "route.1719930171.ipv6_cidr_block": "",
                            "route.1719930171.nat_gateway_id": "",
                            "route.1719930171.network_interface_id": "",
                            "route.1719930171.vpc_peering_connection_id": "pcx-a5e192cc",
                            "route.2039882075.cidr_block": "10.125.112.0/20",
                            "route.2039882075.egress_only_gateway_id": "",
                            "route.2039882075.gateway_id": "",
                            "route.2039882075.instance_id": "",
                            "route.2039882075.ipv6_cidr_block": "",
                            "route.2039882075.nat_gateway_id": "",
                            "route.2039882075.network_interface_id": "",
                            "route.2039882075.vpc_peering_connection_id": "pcx-e5e4978c",
                            "route.2478499796.cidr_block": "0.0.0.0/0",
                            "route.2478499796.egress_only_gateway_id": "",
                            "route.2478499796.gateway_id": "",
                            "route.2478499796.instance_id": "",
                            "route.2478499796.ipv6_cidr_block": "",
                            "route.2478499796.nat_gateway_id": "nat-0688d48b12bbf92cd",
                            "route.2478499796.network_interface_id": "",
                            "route.2478499796.vpc_peering_connection_id": "",
                            "route.3602977320.cidr_block": "10.123.32.0/20",
                            "route.3602977320.egress_only_gateway_id": "",
                            "route.3602977320.gateway_id": "",
                            "route.3602977320.instance_id": "",
                            "route.3602977320.ipv6_cidr_block": "",
                            "route.3602977320.nat_gateway_id": "",
                            "route.3602977320.network_interface_id": "",
                            "route.3602977320.vpc_peering_connection_id": "pcx-70e19219",
                            "route.4078245949.cidr_block": "10.127.44.7/32",
                            "route.4078245949.egress_only_gateway_id": "",
                            "route.4078245949.gateway_id": "",
                            "route.4078245949.instance_id": "",
                            "route.4078245949.ipv6_cidr_block": "",
                            "route.4078245949.nat_gateway_id": "",
                            "route.4078245949.network_interface_id": "",
                            "route.4078245949.vpc_peering_connection_id": "pcx-5af68633",
                            "tags.%": "5",
                            "tags.Name": "prod-natdc-routetable",
                            "tags.account_name": "jive-microservices-prod",
                            "tags.pipeline_phase": "prod",
                            "tags.region": "us-east-1",
                            "tags.sla": "prod",
                            "vpc_id": "vpc-677ae11e"
                        },
                        "meta": {},
                        "tainted": false
                    },
                    "deposed": [],
                    "provider": ""
                },
                "aws_route_table.natdc.2": {
                    "type": "aws_route_table",
                    "depends_on": [
                        "aws_nat_gateway.natgw.*",
                        "aws_vpc.main",
                        "aws_vpn_gateway.vgw"
                    ],
                    "primary": {
                        "id": "rtb-445d753c",
                        "attributes": {
                            "id": "rtb-445d753c",
                            "propagating_vgws.#": "1",
                            "propagating_vgws.2681207824": "vgw-bc8e65d5",
                            "route.#": "8",
                            "route.1352123527.cidr_block": "10.126.64.0/20",
                            "route.1352123527.egress_only_gateway_id": "",
                            "route.1352123527.gateway_id": "",
                            "route.1352123527.instance_id": "",
                            "route.1352123527.ipv6_cidr_block": "",
                            "route.1352123527.nat_gateway_id": "",
                            "route.1352123527.network_interface_id": "",
                            "route.1352123527.vpc_peering_connection_id": "pcx-7de19214",
                            "route.1424328293.cidr_block": "0.0.0.0/0",
                            "route.1424328293.egress_only_gateway_id": "",
                            "route.1424328293.gateway_id": "",
                            "route.1424328293.instance_id": "",
                            "route.1424328293.ipv6_cidr_block": "",
                            "route.1424328293.nat_gateway_id": "nat-03672f350c74c2f39",
                            "route.1424328293.network_interface_id": "",
                            "route.1424328293.vpc_peering_connection_id": "",
                            "route.1615982293.cidr_block": "10.123.112.0/20",
                            "route.1615982293.egress_only_gateway_id": "",
                            "route.1615982293.gateway_id": "",
                            "route.1615982293.instance_id": "",
                            "route.1615982293.ipv6_cidr_block": "",
                            "route.1615982293.nat_gateway_id": "",
                            "route.1615982293.network_interface_id": "",
                            "route.1615982293.vpc_peering_connection_id": "pcx-6ce79405",
                            "route.1703052853.cidr_block": "10.126.112.0/20",
                            "route.1703052853.egress_only_gateway_id": "",
                            "route.1703052853.gateway_id": "",
                            "route.1703052853.instance_id": "",
                            "route.1703052853.ipv6_cidr_block": "",
                            "route.1703052853.nat_gateway_id": "",
                            "route.1703052853.network_interface_id": "",
                            "route.1703052853.vpc_peering_connection_id": "pcx-dce596b5",
                            "route.1719930171.cidr_block": "10.125.0.0/19",
                            "route.1719930171.egress_only_gateway_id": "",
                            "route.1719930171.gateway_id": "",
                            "route.1719930171.instance_id": "",
                            "route.1719930171.ipv6_cidr_block": "",
                            "route.1719930171.nat_gateway_id": "",
                            "route.1719930171.network_interface_id": "",
                            "route.1719930171.vpc_peering_connection_id": "pcx-a5e192cc",
                            "route.2039882075.cidr_block": "10.125.112.0/20",
                            "route.2039882075.egress_only_gateway_id": "",
                            "route.2039882075.gateway_id": "",
                            "route.2039882075.instance_id": "",
                            "route.2039882075.ipv6_cidr_block": "",
                            "route.2039882075.nat_gateway_id": "",
                            "route.2039882075.network_interface_id": "",
                            "route.2039882075.vpc_peering_connection_id": "pcx-e5e4978c",
                            "route.3602977320.cidr_block": "10.123.32.0/20",
                            "route.3602977320.egress_only_gateway_id": "",
                            "route.3602977320.gateway_id": "",
                            "route.3602977320.instance_id": "",
                            "route.3602977320.ipv6_cidr_block": "",
                            "route.3602977320.nat_gateway_id": "",
                            "route.3602977320.network_interface_id": "",
                            "route.3602977320.vpc_peering_connection_id": "pcx-70e19219",
                            "route.4078245949.cidr_block": "10.127.44.7/32",
                            "route.4078245949.egress_only_gateway_id": "",
                            "route.4078245949.gateway_id": "",
                            "route.4078245949.instance_id": "",
                            "route.4078245949.ipv6_cidr_block": "",
                            "route.4078245949.nat_gateway_id": "",
                            "route.4078245949.network_interface_id": "",
                            "route.4078245949.vpc_peering_connection_id": "pcx-5af68633",
                            "tags.%": "5",
                            "tags.Name": "prod-natdc-routetable",
                            "tags.account_name": "jive-microservices-prod",
                            "tags.pipeline_phase": "prod",
                            "tags.region": "us-east-1",
                            "tags.sla": "prod",
                            "vpc_id": "vpc-677ae11e"
                        },
                        "meta": {},
                        "tainted": false
                    },
                    "deposed": [],
                    "provider": ""
                },
                "aws_route_table.natdc.3": {
                    "type": "aws_route_table",
                    "depends_on": [
                        "aws_nat_gateway.natgw.*",
                        "aws_vpc.main",
                        "aws_vpn_gateway.vgw"
                    ],
                    "primary": {
                        "id": "rtb-aa456dd2",
                        "attributes": {
                            "id": "rtb-aa456dd2",
                            "propagating_vgws.#": "1",
                            "propagating_vgws.2681207824": "vgw-bc8e65d5",
                            "route.#": "8",
                            "route.1352123527.cidr_block": "10.126.64.0/20",
                            "route.1352123527.egress_only_gateway_id": "",
                            "route.1352123527.gateway_id": "",
                            "route.1352123527.instance_id": "",
                            "route.1352123527.ipv6_cidr_block": "",
                            "route.1352123527.nat_gateway_id": "",
                            "route.1352123527.network_interface_id": "",
                            "route.1352123527.vpc_peering_connection_id": "pcx-7de19214",
                            "route.1615982293.cidr_block": "10.123.112.0/20",
                            "route.1615982293.egress_only_gateway_id": "",
                            "route.1615982293.gateway_id": "",
                            "route.1615982293.instance_id": "",
                            "route.1615982293.ipv6_cidr_block": "",
                            "route.1615982293.nat_gateway_id": "",
                            "route.1615982293.network_interface_id": "",
                            "route.1615982293.vpc_peering_connection_id": "pcx-6ce79405",
                            "route.1703052853.cidr_block": "10.126.112.0/20",
                            "route.1703052853.egress_only_gateway_id": "",
                            "route.1703052853.gateway_id": "",
                            "route.1703052853.instance_id": "",
                            "route.1703052853.ipv6_cidr_block": "",
                            "route.1703052853.nat_gateway_id": "",
                            "route.1703052853.network_interface_id": "",
                            "route.1703052853.vpc_peering_connection_id": "pcx-dce596b5",
                            "route.1719930171.cidr_block": "10.125.0.0/19",
                            "route.1719930171.egress_only_gateway_id": "",
                            "route.1719930171.gateway_id": "",
                            "route.1719930171.instance_id": "",
                            "route.1719930171.ipv6_cidr_block": "",
                            "route.1719930171.nat_gateway_id": "",
                            "route.1719930171.network_interface_id": "",
                            "route.1719930171.vpc_peering_connection_id": "pcx-a5e192cc",
                            "route.2039882075.cidr_block": "10.125.112.0/20",
                            "route.2039882075.egress_only_gateway_id": "",
                            "route.2039882075.gateway_id": "",
                            "route.2039882075.instance_id": "",
                            "route.2039882075.ipv6_cidr_block": "",
                            "route.2039882075.nat_gateway_id": "",
                            "route.2039882075.network_interface_id": "",
                            "route.2039882075.vpc_peering_connection_id": "pcx-e5e4978c",
                            "route.3602977320.cidr_block": "10.123.32.0/20",
                            "route.3602977320.egress_only_gateway_id": "",
                            "route.3602977320.gateway_id": "",
                            "route.3602977320.instance_id": "",
                            "route.3602977320.ipv6_cidr_block": "",
                            "route.3602977320.nat_gateway_id": "",
                            "route.3602977320.network_interface_id": "",
                            "route.3602977320.vpc_peering_connection_id": "pcx-70e19219",
                            "route.3994851312.cidr_block": "0.0.0.0/0",
                            "route.3994851312.egress_only_gateway_id": "",
                            "route.3994851312.gateway_id": "",
                            "route.3994851312.instance_id": "",
                            "route.3994851312.ipv6_cidr_block": "",
                            "route.3994851312.nat_gateway_id": "nat-00773d69928b85fd0",
                            "route.3994851312.network_interface_id": "",
                            "route.3994851312.vpc_peering_connection_id": "",
                            "route.4078245949.cidr_block": "10.127.44.7/32",
                            "route.4078245949.egress_only_gateway_id": "",
                            "route.4078245949.gateway_id": "",
                            "route.4078245949.instance_id": "",
                            "route.4078245949.ipv6_cidr_block": "",
                            "route.4078245949.nat_gateway_id": "",
                            "route.4078245949.network_interface_id": "",
                            "route.4078245949.vpc_peering_connection_id": "pcx-5af68633",
                            "tags.%": "5",
                            "tags.Name": "prod-natdc-routetable",
                            "tags.account_name": "jive-microservices-prod",
                            "tags.pipeline_phase": "prod",
                            "tags.region": "us-east-1",
                            "tags.sla": "prod",
                            "vpc_id": "vpc-677ae11e"
                        },
                        "meta": {},
                        "tainted": false
                    },
                    "deposed": [],
                    "provider": ""
                },
                "aws_route_table.natdc.4": {
                    "type": "aws_route_table",
                    "depends_on": [
                        "aws_nat_gateway.natgw.*",
                        "aws_vpc.main",
                        "aws_vpn_gateway.vgw"
                    ],
                    "primary": {
                        "id": "rtb-8d5d75f5",
                        "attributes": {
                            "id": "rtb-8d5d75f5",
                            "propagating_vgws.#": "1",
                            "propagating_vgws.2681207824": "vgw-bc8e65d5",
                            "route.#": "8",
                            "route.1195381077.cidr_block": "0.0.0.0/0",
                            "route.1195381077.egress_only_gateway_id": "",
                            "route.1195381077.gateway_id": "",
                            "route.1195381077.instance_id": "",
                            "route.1195381077.ipv6_cidr_block": "",
                            "route.1195381077.nat_gateway_id": "nat-013bc9f370a8f4486",
                            "route.1195381077.network_interface_id": "",
                            "route.1195381077.vpc_peering_connection_id": "",
                            "route.1352123527.cidr_block": "10.126.64.0/20",
                            "route.1352123527.egress_only_gateway_id": "",
                            "route.1352123527.gateway_id": "",
                            "route.1352123527.instance_id": "",
                            "route.1352123527.ipv6_cidr_block": "",
                            "route.1352123527.nat_gateway_id": "",
                            "route.1352123527.network_interface_id": "",
                            "route.1352123527.vpc_peering_connection_id": "pcx-7de19214",
                            "route.1615982293.cidr_block": "10.123.112.0/20",
                            "route.1615982293.egress_only_gateway_id": "",
                            "route.1615982293.gateway_id": "",
                            "route.1615982293.instance_id": "",
                            "route.1615982293.ipv6_cidr_block": "",
                            "route.1615982293.nat_gateway_id": "",
                            "route.1615982293.network_interface_id": "",
                            "route.1615982293.vpc_peering_connection_id": "pcx-6ce79405",
                            "route.1703052853.cidr_block": "10.126.112.0/20",
                            "route.1703052853.egress_only_gateway_id": "",
                            "route.1703052853.gateway_id": "",
                            "route.1703052853.instance_id": "",
                            "route.1703052853.ipv6_cidr_block": "",
                            "route.1703052853.nat_gateway_id": "",
                            "route.1703052853.network_interface_id": "",
                            "route.1703052853.vpc_peering_connection_id": "pcx-dce596b5",
                            "route.1719930171.cidr_block": "10.125.0.0/19",
                            "route.1719930171.egress_only_gateway_id": "",
                            "route.1719930171.gateway_id": "",
                            "route.1719930171.instance_id": "",
                            "route.1719930171.ipv6_cidr_block": "",
                            "route.1719930171.nat_gateway_id": "",
                            "route.1719930171.network_interface_id": "",
                            "route.1719930171.vpc_peering_connection_id": "pcx-a5e192cc",
                            "route.2039882075.cidr_block": "10.125.112.0/20",
                            "route.2039882075.egress_only_gateway_id": "",
                            "route.2039882075.gateway_id": "",
                            "route.2039882075.instance_id": "",
                            "route.2039882075.ipv6_cidr_block": "",
                            "route.2039882075.nat_gateway_id": "",
                            "route.2039882075.network_interface_id": "",
                            "route.2039882075.vpc_peering_connection_id": "pcx-e5e4978c",
                            "route.3602977320.cidr_block": "10.123.32.0/20",
                            "route.3602977320.egress_only_gateway_id": "",
                            "route.3602977320.gateway_id": "",
                            "route.3602977320.instance_id": "",
                            "route.3602977320.ipv6_cidr_block": "",
                            "route.3602977320.nat_gateway_id": "",
                            "route.3602977320.network_interface_id": "",
                            "route.3602977320.vpc_peering_connection_id": "pcx-70e19219",
                            "route.4078245949.cidr_block": "10.127.44.7/32",
                            "route.4078245949.egress_only_gateway_id": "",
                            "route.4078245949.gateway_id": "",
                            "route.4078245949.instance_id": "",
                            "route.4078245949.ipv6_cidr_block": "",
                            "route.4078245949.nat_gateway_id": "",
                            "route.4078245949.network_interface_id": "",
                            "route.4078245949.vpc_peering_connection_id": "pcx-5af68633",
                            "tags.%": "5",
                            "tags.Name": "prod-natdc-routetable",
                            "tags.account_name": "jive-microservices-prod",
                            "tags.pipeline_phase": "prod",
                            "tags.region": "us-east-1",
                            "tags.sla": "prod",
                            "vpc_id": "vpc-677ae11e"
                        },
                        "meta": {},
                        "tainted": false
                    },
                    "deposed": [],
                    "provider": ""
                },
                "aws_route_table.private": {
                    "type": "aws_route_table",
                    "depends_on": [
                        "aws_vpc.main"
                    ],
                    "primary": {
                        "id": "rtb-97527aef",
                        "attributes": {
                            "id": "rtb-97527aef",
                            "propagating_vgws.#": "0",
                            "route.#": "6",
                            "route.1352123527.cidr_block": "10.126.64.0/20",
                            "route.1352123527.egress_only_gateway_id": "",
                            "route.1352123527.gateway_id": "",
                            "route.1352123527.instance_id": "",
                            "route.1352123527.ipv6_cidr_block": "",
                            "route.1352123527.nat_gateway_id": "",
                            "route.1352123527.network_interface_id": "",
                            "route.1352123527.vpc_peering_connection_id": "pcx-7de19214",
                            "route.1615982293.cidr_block": "10.123.112.0/20",
                            "route.1615982293.egress_only_gateway_id": "",
                            "route.1615982293.gateway_id": "",
                            "route.1615982293.instance_id": "",
                            "route.1615982293.ipv6_cidr_block": "",
                            "route.1615982293.nat_gateway_id": "",
                            "route.1615982293.network_interface_id": "",
                            "route.1615982293.vpc_peering_connection_id": "pcx-6ce79405",
                            "route.1703052853.cidr_block": "10.126.112.0/20",
                            "route.1703052853.egress_only_gateway_id": "",
                            "route.1703052853.gateway_id": "",
                            "route.1703052853.instance_id": "",
                            "route.1703052853.ipv6_cidr_block": "",
                            "route.1703052853.nat_gateway_id": "",
                            "route.1703052853.network_interface_id": "",
                            "route.1703052853.vpc_peering_connection_id": "pcx-dce596b5",
                            "route.2039882075.cidr_block": "10.125.112.0/20",
                            "route.2039882075.egress_only_gateway_id": "",
                            "route.2039882075.gateway_id": "",
                            "route.2039882075.instance_id": "",
                            "route.2039882075.ipv6_cidr_block": "",
                            "route.2039882075.nat_gateway_id": "",
                            "route.2039882075.network_interface_id": "",
                            "route.2039882075.vpc_peering_connection_id": "pcx-e5e4978c",
                            "route.3602977320.cidr_block": "10.123.32.0/20",
                            "route.3602977320.egress_only_gateway_id": "",
                            "route.3602977320.gateway_id": "",
                            "route.3602977320.instance_id": "",
                            "route.3602977320.ipv6_cidr_block": "",
                            "route.3602977320.nat_gateway_id": "",
                            "route.3602977320.network_interface_id": "",
                            "route.3602977320.vpc_peering_connection_id": "pcx-70e19219",
                            "route.4078245949.cidr_block": "10.127.44.7/32",
                            "route.4078245949.egress_only_gateway_id": "",
                            "route.4078245949.gateway_id": "",
                            "route.4078245949.instance_id": "",
                            "route.4078245949.ipv6_cidr_block": "",
                            "route.4078245949.nat_gateway_id": "",
                            "route.4078245949.network_interface_id": "",
                            "route.4078245949.vpc_peering_connection_id": "pcx-5af68633",
                            "tags.%": "5",
                            "tags.Name": "prod-private-routetable",
                            "tags.account_name": "jive-microservices-prod",
                            "tags.pipeline_phase": "prod",
                            "tags.region": "us-east-1",
                            "tags.sla": "prod",
                            "vpc_id": "vpc-677ae11e"
                        },
                        "meta": {},
                        "tainted": false
                    },
                    "deposed": [],
                    "provider": ""
                },
                "aws_route_table.public": {
                    "type": "aws_route_table",
                    "depends_on": [
                        "aws_internet_gateway.igw",
                        "aws_vpc.main"
                    ],
                    "primary": {
                        "id": "rtb-4b587033",
                        "attributes": {
                            "id": "rtb-4b587033",
                            "propagating_vgws.#": "0",
                            "route.#": "7",
                            "route.1087476614.cidr_block": "0.0.0.0/0",
                            "route.1087476614.egress_only_gateway_id": "",
                            "route.1087476614.gateway_id": "igw-25dc9543",
                            "route.1087476614.instance_id": "",
                            "route.1087476614.ipv6_cidr_block": "",
                            "route.1087476614.nat_gateway_id": "",
                            "route.1087476614.network_interface_id": "",
                            "route.1087476614.vpc_peering_connection_id": "",
                            "route.1352123527.cidr_block": "10.126.64.0/20",
                            "route.1352123527.egress_only_gateway_id": "",
                            "route.1352123527.gateway_id": "",
                            "route.1352123527.instance_id": "",
                            "route.1352123527.ipv6_cidr_block": "",
                            "route.1352123527.nat_gateway_id": "",
                            "route.1352123527.network_interface_id": "",
                            "route.1352123527.vpc_peering_connection_id": "pcx-7de19214",
                            "route.1615982293.cidr_block": "10.123.112.0/20",
                            "route.1615982293.egress_only_gateway_id": "",
                            "route.1615982293.gateway_id": "",
                            "route.1615982293.instance_id": "",
                            "route.1615982293.ipv6_cidr_block": "",
                            "route.1615982293.nat_gateway_id": "",
                            "route.1615982293.network_interface_id": "",
                            "route.1615982293.vpc_peering_connection_id": "pcx-6ce79405",
                            "route.1703052853.cidr_block": "10.126.112.0/20",
                            "route.1703052853.egress_only_gateway_id": "",
                            "route.1703052853.gateway_id": "",
                            "route.1703052853.instance_id": "",
                            "route.1703052853.ipv6_cidr_block": "",
                            "route.1703052853.nat_gateway_id": "",
                            "route.1703052853.network_interface_id": "",
                            "route.1703052853.vpc_peering_connection_id": "pcx-dce596b5",
                            "route.2039882075.cidr_block": "10.125.112.0/20",
                            "route.2039882075.egress_only_gateway_id": "",
                            "route.2039882075.gateway_id": "",
                            "route.2039882075.instance_id": "",
                            "route.2039882075.ipv6_cidr_block": "",
                            "route.2039882075.nat_gateway_id": "",
                            "route.2039882075.network_interface_id": "",
                            "route.2039882075.vpc_peering_connection_id": "pcx-e5e4978c",
                            "route.3602977320.cidr_block": "10.123.32.0/20",
                            "route.3602977320.egress_only_gateway_id": "",
                            "route.3602977320.gateway_id": "",
                            "route.3602977320.instance_id": "",
                            "route.3602977320.ipv6_cidr_block": "",
                            "route.3602977320.nat_gateway_id": "",
                            "route.3602977320.network_interface_id": "",
                            "route.3602977320.vpc_peering_connection_id": "pcx-70e19219",
                            "route.4078245949.cidr_block": "10.127.44.7/32",
                            "route.4078245949.egress_only_gateway_id": "",
                            "route.4078245949.gateway_id": "",
                            "route.4078245949.instance_id": "",
                            "route.4078245949.ipv6_cidr_block": "",
                            "route.4078245949.nat_gateway_id": "",
                            "route.4078245949.network_interface_id": "",
                            "route.4078245949.vpc_peering_connection_id": "pcx-5af68633",
                            "tags.%": "6",
                            "tags.KubernetesCluster": "us-east-1_jive-microservices-prod",
                            "tags.Name": "prod-public-routetable",
                            "tags.account_name": "jive-microservices-prod",
                            "tags.pipeline_phase": "prod",
                            "tags.region": "us-east-1",
                            "tags.sla": "prod",
                            "vpc_id": "vpc-677ae11e"
                        },
                        "meta": {},
                        "tainted": false
                    },
                    "deposed": [],
                    "provider": ""
                },
                "aws_route_table_association.natdc.0": {
                    "type": "aws_route_table_association",
                    "depends_on": [
                        "aws_route_table.natdc.*",
                        "aws_subnet.natdc.*"
                    ],
                    "primary": {
                        "id": "rtbassoc-f2d9c389",
                        "attributes": {
                            "id": "rtbassoc-f2d9c389",
                            "route_table_id": "rtb-de5078a6",
                            "subnet_id": "subnet-09a03325"
                        },
                        "meta": {},
                        "tainted": false
                    },
                    "deposed": [],
                    "provider": ""
                },
                "aws_route_table_association.natdc.1": {
                    "type": "aws_route_table_association",
                    "depends_on": [
                        "aws_route_table.natdc.*",
                        "aws_subnet.natdc.*"
                    ],
                    "primary": {
                        "id": "rtbassoc-b8d8c2c3",
                        "attributes": {
                            "id": "rtbassoc-b8d8c2c3",
                            "route_table_id": "rtb-64456d1c",
                            "subnet_id": "subnet-3b347e73"
                        },
                        "meta": {},
                        "tainted": false
                    },
                    "deposed": [],
                    "provider": ""
                },
                "aws_route_table_association.natdc.2": {
                    "type": "aws_route_table_association",
                    "depends_on": [
                        "aws_route_table.natdc.*",
                        "aws_subnet.natdc.*"
                    ],
                    "primary": {
                        "id": "rtbassoc-19dfc562",
                        "attributes": {
                            "id": "rtbassoc-19dfc562",
                            "route_table_id": "rtb-445d753c",
                            "subnet_id": "subnet-ff6ae1a5"
                        },
                        "meta": {},
                        "tainted": false
                    },
                    "deposed": [],
                    "provider": ""
                },
                "aws_route_table_association.natdc.3": {
                    "type": "aws_route_table_association",
                    "depends_on": [
                        "aws_route_table.natdc.*",
                        "aws_subnet.natdc.*"
                    ],
                    "primary": {
                        "id": "rtbassoc-b9d8c2c2",
                        "attributes": {
                            "id": "rtbassoc-b9d8c2c2",
                            "route_table_id": "rtb-aa456dd2",
                            "subnet_id": "subnet-f41714c8"
                        },
                        "meta": {},
                        "tainted": false
                    },
                    "deposed": [],
                    "provider": ""
                },
                "aws_route_table_association.natdc.4": {
                    "type": "aws_route_table_association",
                    "depends_on": [
                        "aws_route_table.natdc.*",
                        "aws_subnet.natdc.*"
                    ],
                    "primary": {
                        "id": "rtbassoc-96d7cded",
                        "attributes": {
                            "id": "rtbassoc-96d7cded",
                            "route_table_id": "rtb-8d5d75f5",
                            "subnet_id": "subnet-f226c796"
                        },
                        "meta": {},
                        "tainted": false
                    },
                    "deposed": [],
                    "provider": ""
                },
                "aws_route_table_association.private.0": {
                    "type": "aws_route_table_association",
                    "depends_on": [
                        "aws_route_table.private",
                        "aws_subnet.private.*"
                    ],
                    "primary": {
                        "id": "rtbassoc-fbd7cd80",
                        "attributes": {
                            "id": "rtbassoc-fbd7cd80",
                            "route_table_id": "rtb-97527aef",
                            "subnet_id": "subnet-0427c660"
                        },
                        "meta": {},
                        "tainted": false
                    },
                    "deposed": [],
                    "provider": ""
                },
                "aws_route_table_association.private.1": {
                    "type": "aws_route_table_association",
                    "depends_on": [
                        "aws_route_table.private",
                        "aws_subnet.private.*"
                    ],
                    "primary": {
                        "id": "rtbassoc-2cd6cc57",
                        "attributes": {
                            "id": "rtbassoc-2cd6cc57",
                            "route_table_id": "rtb-97527aef",
                            "subnet_id": "subnet-89b92aa5"
                        },
                        "meta": {},
                        "tainted": false
                    },
                    "deposed": [],
                    "provider": ""
                },
                "aws_route_table_association.private.2": {
                    "type": "aws_route_table_association",
                    "depends_on": [
                        "aws_route_table.private",
                        "aws_subnet.private.*"
                    ],
                    "primary": {
                        "id": "rtbassoc-2dd6cc56",
                        "attributes": {
                            "id": "rtbassoc-2dd6cc56",
                            "route_table_id": "rtb-97527aef",
                            "subnet_id": "subnet-d84e0490"
                        },
                        "meta": {},
                        "tainted": false
                    },
                    "deposed": [],
                    "provider": ""
                },
                "aws_route_table_association.private.3": {
                    "type": "aws_route_table_association",
                    "depends_on": [
                        "aws_route_table.private",
                        "aws_subnet.private.*"
                    ],
                    "primary": {
                        "id": "rtbassoc-bbddc7c0",
                        "attributes": {
                            "id": "rtbassoc-bbddc7c0",
                            "route_table_id": "rtb-97527aef",
                            "subnet_id": "subnet-2961ea73"
                        },
                        "meta": {},
                        "tainted": false
                    },
                    "deposed": [],
                    "provider": ""
                },
                "aws_route_table_association.private.4": {
                    "type": "aws_route_table_association",
                    "depends_on": [
                        "aws_route_table.private",
                        "aws_subnet.private.*"
                    ],
                    "primary": {
                        "id": "rtbassoc-e0d3c99b",
                        "attributes": {
                            "id": "rtbassoc-e0d3c99b",
                            "route_table_id": "rtb-97527aef",
                            "subnet_id": "subnet-0d1b1831"
                        },
                        "meta": {},
                        "tainted": false
                    },
                    "deposed": [],
                    "provider": ""
                },
                "aws_route_table_association.public.0": {
                    "type": "aws_route_table_association",
                    "depends_on": [
                        "aws_route_table.public",
                        "aws_subnet.public.*"
                    ],
                    "primary": {
                        "id": "rtbassoc-a9dfc5d2",
                        "attributes": {
                            "id": "rtbassoc-a9dfc5d2",
                            "route_table_id": "rtb-4b587033",
                            "subnet_id": "subnet-e023c284"
                        },
                        "meta": {},
                        "tainted": false
                    },
                    "deposed": [],
                    "provider": ""
                },
                "aws_route_table_association.public.1": {
                    "type": "aws_route_table_association",
                    "depends_on": [
                        "aws_route_table.public",
                        "aws_subnet.public.*"
                    ],
                    "primary": {
                        "id": "rtbassoc-80dec4fb",
                        "attributes": {
                            "id": "rtbassoc-80dec4fb",
                            "route_table_id": "rtb-4b587033",
                            "subnet_id": "subnet-d2bf2cfe"
                        },
                        "meta": {},
                        "tainted": false
                    },
                    "deposed": [],
                    "provider": ""
                },
                "aws_route_table_association.public.2": {
                    "type": "aws_route_table_association",
                    "depends_on": [
                        "aws_route_table.public",
                        "aws_subnet.public.*"
                    ],
                    "primary": {
                        "id": "rtbassoc-05d9c37e",
                        "attributes": {
                            "id": "rtbassoc-05d9c37e",
                            "route_table_id": "rtb-4b587033",
                            "subnet_id": "subnet-67367c2f"
                        },
                        "meta": {},
                        "tainted": false
                    },
                    "deposed": [],
                    "provider": ""
                },
                "aws_route_table_association.public.3": {
                    "type": "aws_route_table_association",
                    "depends_on": [
                        "aws_route_table.public",
                        "aws_subnet.public.*"
                    ],
                    "primary": {
                        "id": "rtbassoc-6ad2c811",
                        "attributes": {
                            "id": "rtbassoc-6ad2c811",
                            "route_table_id": "rtb-4b587033",
                            "subnet_id": "subnet-2d6ee577"
                        },
                        "meta": {},
                        "tainted": false
                    },
                    "deposed": [],
                    "provider": ""
                },
                "aws_route_table_association.public.4": {
                    "type": "aws_route_table_association",
                    "depends_on": [
                        "aws_route_table.public",
                        "aws_subnet.public.*"
                    ],
                    "primary": {
                        "id": "rtbassoc-82dbc1f9",
                        "attributes": {
                            "id": "rtbassoc-82dbc1f9",
                            "route_table_id": "rtb-4b587033",
                            "subnet_id": "subnet-c11013fd"
                        },
                        "meta": {},
                        "tainted": false
                    },
                    "deposed": [],
                    "provider": ""
                },
                "aws_security_group.env_instance": {
                    "type": "aws_security_group",
                    "depends_on": [
                        "aws_vpc.main",
                        "data.aws_security_group.bastion"
                    ],
                    "primary": {
                        "id": "sg-9c8ec4ed",
                        "attributes": {
                            "description": "All instances within the evironment",
                            "egress.#": "0",
                            "id": "sg-9c8ec4ed",
                            "ingress.#": "2",
                            "ingress.2756050323.cidr_blocks.#": "0",
                            "ingress.2756050323.from_port": "8",
                            "ingress.2756050323.ipv6_cidr_blocks.#": "0",
                            "ingress.2756050323.protocol": "icmp",
                            "ingress.2756050323.security_groups.#": "1",
                            "ingress.2756050323.security_groups.164612455": "sg-f6733887",
                            "ingress.2756050323.self": "false",
                            "ingress.2756050323.to_port": "0",
                            "ingress.422650416.cidr_blocks.#": "0",
                            "ingress.422650416.from_port": "22",
                            "ingress.422650416.ipv6_cidr_blocks.#": "0",
                            "ingress.422650416.protocol": "tcp",
                            "ingress.422650416.security_groups.#": "1",
                            "ingress.422650416.security_groups.164612455": "sg-f6733887",
                            "ingress.422650416.self": "false",
                            "ingress.422650416.to_port": "22",
                            "name": "prod-instance",
                            "owner_id": "663559125979",
                            "tags.%": "5",
                            "tags.Name": "prod-instance",
                            "tags.account_name": "jive-microservices-prod",
                            "tags.pipeline_phase": "prod",
                            "tags.region": "us-east-1",
                            "tags.sla": "prod",
                            "vpc_id": "vpc-677ae11e"
                        },
                        "meta": {},
                        "tainted": false
                    },
                    "deposed": [],
                    "provider": ""
                },
                "aws_subnet.natdc.0": {
                    "type": "aws_subnet",
                    "depends_on": [
                        "aws_vpc.main"
                    ],
                    "primary": {
                        "id": "subnet-f226c796",
                        "attributes": {
                            "assign_ipv6_address_on_creation": "false",
                            "availability_zone": "us-east-1a",
                            "cidr_block": "10.125.64.0/22",
                            "id": "subnet-f226c796",
                            "map_public_ip_on_launch": "false",
                            "tags.%": "7",
                            "tags.KubernetesCluster": "us-east-1_jive-microservices-prod",
                            "tags.Name": "prod-natdc-subnet",
                            "tags.account_name": "jive-microservices-prod",
                            "tags.kubernetes.io/role/internal-elb": "us-east-1_jive-microservices-prod",
                            "tags.pipeline_phase": "prod",
                            "tags.region": "us-east-1",
                            "tags.sla": "prod",
                            "vpc_id": "vpc-677ae11e"
                        },
                        "meta": {
                            "schema_version": "1"
                        },
                        "tainted": false
                    },
                    "deposed": [],
                    "provider": ""
                },
                "aws_subnet.natdc.1": {
                    "type": "aws_subnet",
                    "depends_on": [
                        "aws_vpc.main"
                    ],
                    "primary": {
                        "id": "subnet-09a03325",
                        "attributes": {
                            "assign_ipv6_address_on_creation": "false",
                            "availability_zone": "us-east-1b",
                            "cidr_block": "10.125.68.0/22",
                            "id": "subnet-09a03325",
                            "map_public_ip_on_launch": "false",
                            "tags.%": "7",
                            "tags.KubernetesCluster": "us-east-1_jive-microservices-prod",
                            "tags.Name": "prod-natdc-subnet",
                            "tags.account_name": "jive-microservices-prod",
                            "tags.kubernetes.io/role/internal-elb": "us-east-1_jive-microservices-prod",
                            "tags.pipeline_phase": "prod",
                            "tags.region": "us-east-1",
                            "tags.sla": "prod",
                            "vpc_id": "vpc-677ae11e"
                        },
                        "meta": {
                            "schema_version": "1"
                        },
                        "tainted": false
                    },
                    "deposed": [],
                    "provider": ""
                },
                "aws_subnet.natdc.2": {
                    "type": "aws_subnet",
                    "depends_on": [
                        "aws_vpc.main"
                    ],
                    "primary": {
                        "id": "subnet-3b347e73",
                        "attributes": {
                            "assign_ipv6_address_on_creation": "false",
                            "availability_zone": "us-east-1c",
                            "cidr_block": "10.125.72.0/22",
                            "id": "subnet-3b347e73",
                            "map_public_ip_on_launch": "false",
                            "tags.%": "7",
                            "tags.KubernetesCluster": "us-east-1_jive-microservices-prod",
                            "tags.Name": "prod-natdc-subnet",
                            "tags.account_name": "jive-microservices-prod",
                            "tags.kubernetes.io/role/internal-elb": "us-east-1_jive-microservices-prod",
                            "tags.pipeline_phase": "prod",
                            "tags.region": "us-east-1",
                            "tags.sla": "prod",
                            "vpc_id": "vpc-677ae11e"
                        },
                        "meta": {
                            "schema_version": "1"
                        },
                        "tainted": false
                    },
                    "deposed": [],
                    "provider": ""
                },
                "aws_subnet.natdc.3": {
                    "type": "aws_subnet",
                    "depends_on": [
                        "aws_vpc.main"
                    ],
                    "primary": {
                        "id": "subnet-ff6ae1a5",
                        "attributes": {
                            "assign_ipv6_address_on_creation": "false",
                            "availability_zone": "us-east-1d",
                            "cidr_block": "10.125.76.0/22",
                            "id": "subnet-ff6ae1a5",
                            "map_public_ip_on_launch": "false",
                            "tags.%": "7",
                            "tags.KubernetesCluster": "us-east-1_jive-microservices-prod",
                            "tags.Name": "prod-natdc-subnet",
                            "tags.account_name": "jive-microservices-prod",
                            "tags.kubernetes.io/role/internal-elb": "us-east-1_jive-microservices-prod",
                            "tags.pipeline_phase": "prod",
                            "tags.region": "us-east-1",
                            "tags.sla": "prod",
                            "vpc_id": "vpc-677ae11e"
                        },
                        "meta": {
                            "schema_version": "1"
                        },
                        "tainted": false
                    },
                    "deposed": [],
                    "provider": ""
                },
                "aws_subnet.natdc.4": {
                    "type": "aws_subnet",
                    "depends_on": [
                        "aws_vpc.main"
                    ],
                    "primary": {
                        "id": "subnet-f41714c8",
                        "attributes": {
                            "assign_ipv6_address_on_creation": "false",
                            "availability_zone": "us-east-1e",
                            "cidr_block": "10.125.80.0/22",
                            "id": "subnet-f41714c8",
                            "map_public_ip_on_launch": "false",
                            "tags.%": "7",
                            "tags.KubernetesCluster": "us-east-1_jive-microservices-prod",
                            "tags.Name": "prod-natdc-subnet",
                            "tags.account_name": "jive-microservices-prod",
                            "tags.kubernetes.io/role/internal-elb": "us-east-1_jive-microservices-prod",
                            "tags.pipeline_phase": "prod",
                            "tags.region": "us-east-1",
                            "tags.sla": "prod",
                            "vpc_id": "vpc-677ae11e"
                        },
                        "meta": {
                            "schema_version": "1"
                        },
                        "tainted": false
                    },
                    "deposed": [],
                    "provider": ""
                },
                "aws_subnet.private.0": {
                    "type": "aws_subnet",
                    "depends_on": [
                        "aws_vpc.main"
                    ],
                    "primary": {
                        "id": "subnet-0427c660",
                        "attributes": {
                            "assign_ipv6_address_on_creation": "false",
                            "availability_zone": "us-east-1a",
                            "cidr_block": "10.125.94.0/26",
                            "id": "subnet-0427c660",
                            "map_public_ip_on_launch": "false",
                            "tags.%": "5",
                            "tags.Name": "prod-private-subnet",
                            "tags.account_name": "jive-microservices-prod",
                            "tags.pipeline_phase": "prod",
                            "tags.region": "us-east-1",
                            "tags.sla": "prod",
                            "vpc_id": "vpc-677ae11e"
                        },
                        "meta": {
                            "schema_version": "1"
                        },
                        "tainted": false
                    },
                    "deposed": [],
                    "provider": ""
                },
                "aws_subnet.private.1": {
                    "type": "aws_subnet",
                    "depends_on": [
                        "aws_vpc.main"
                    ],
                    "primary": {
                        "id": "subnet-89b92aa5",
                        "attributes": {
                            "assign_ipv6_address_on_creation": "false",
                            "availability_zone": "us-east-1b",
                            "cidr_block": "10.125.94.64/26",
                            "id": "subnet-89b92aa5",
                            "map_public_ip_on_launch": "false",
                            "tags.%": "5",
                            "tags.Name": "prod-private-subnet",
                            "tags.account_name": "jive-microservices-prod",
                            "tags.pipeline_phase": "prod",
                            "tags.region": "us-east-1",
                            "tags.sla": "prod",
                            "vpc_id": "vpc-677ae11e"
                        },
                        "meta": {
                            "schema_version": "1"
                        },
                        "tainted": false
                    },
                    "deposed": [],
                    "provider": ""
                },
                "aws_subnet.private.2": {
                    "type": "aws_subnet",
                    "depends_on": [
                        "aws_vpc.main"
                    ],
                    "primary": {
                        "id": "subnet-d84e0490",
                        "attributes": {
                            "assign_ipv6_address_on_creation": "false",
                            "availability_zone": "us-east-1c",
                            "cidr_block": "10.125.94.128/26",
                            "id": "subnet-d84e0490",
                            "map_public_ip_on_launch": "false",
                            "tags.%": "5",
                            "tags.Name": "prod-private-subnet",
                            "tags.account_name": "jive-microservices-prod",
                            "tags.pipeline_phase": "prod",
                            "tags.region": "us-east-1",
                            "tags.sla": "prod",
                            "vpc_id": "vpc-677ae11e"
                        },
                        "meta": {
                            "schema_version": "1"
                        },
                        "tainted": false
                    },
                    "deposed": [],
                    "provider": ""
                },
                "aws_subnet.private.3": {
                    "type": "aws_subnet",
                    "depends_on": [
                        "aws_vpc.main"
                    ],
                    "primary": {
                        "id": "subnet-2961ea73",
                        "attributes": {
                            "assign_ipv6_address_on_creation": "false",
                            "availability_zone": "us-east-1d",
                            "cidr_block": "10.125.94.192/26",
                            "id": "subnet-2961ea73",
                            "map_public_ip_on_launch": "false",
                            "tags.%": "5",
                            "tags.Name": "prod-private-subnet",
                            "tags.account_name": "jive-microservices-prod",
                            "tags.pipeline_phase": "prod",
                            "tags.region": "us-east-1",
                            "tags.sla": "prod",
                            "vpc_id": "vpc-677ae11e"
                        },
                        "meta": {
                            "schema_version": "1"
                        },
                        "tainted": false
                    },
                    "deposed": [],
                    "provider": ""
                },
                "aws_subnet.private.4": {
                    "type": "aws_subnet",
                    "depends_on": [
                        "aws_vpc.main"
                    ],
                    "primary": {
                        "id": "subnet-0d1b1831",
                        "attributes": {
                            "assign_ipv6_address_on_creation": "false",
                            "availability_zone": "us-east-1e",
                            "cidr_block": "10.125.95.0/26",
                            "id": "subnet-0d1b1831",
                            "map_public_ip_on_launch": "false",
                            "tags.%": "5",
                            "tags.Name": "prod-private-subnet",
                            "tags.account_name": "jive-microservices-prod",
                            "tags.pipeline_phase": "prod",
                            "tags.region": "us-east-1",
                            "tags.sla": "prod",
                            "vpc_id": "vpc-677ae11e"
                        },
                        "meta": {
                            "schema_version": "1"
                        },
                        "tainted": false
                    },
                    "deposed": [],
                    "provider": ""
                },
                "aws_subnet.public.0": {
                    "type": "aws_subnet",
                    "depends_on": [
                        "aws_vpc.main"
                    ],
                    "primary": {
                        "id": "subnet-e023c284",
                        "attributes": {
                            "assign_ipv6_address_on_creation": "false",
                            "availability_zone": "us-east-1a",
                            "cidr_block": "10.125.84.0/23",
                            "id": "subnet-e023c284",
                            "map_public_ip_on_launch": "false",
                            "tags.%": "6",
                            "tags.KubernetesCluster": "us-east-1_jive-microservices-prod",
                            "tags.Name": "prod-public-subnet",
                            "tags.account_name": "jive-microservices-prod",
                            "tags.pipeline_phase": "prod",
                            "tags.region": "us-east-1",
                            "tags.sla": "prod",
                            "vpc_id": "vpc-677ae11e"
                        },
                        "meta": {
                            "schema_version": "1"
                        },
                        "tainted": false
                    },
                    "deposed": [],
                    "provider": ""
                },
                "aws_subnet.public.1": {
                    "type": "aws_subnet",
                    "depends_on": [
                        "aws_vpc.main"
                    ],
                    "primary": {
                        "id": "subnet-d2bf2cfe",
                        "attributes": {
                            "assign_ipv6_address_on_creation": "false",
                            "availability_zone": "us-east-1b",
                            "cidr_block": "10.125.86.0/23",
                            "id": "subnet-d2bf2cfe",
                            "map_public_ip_on_launch": "false",
                            "tags.%": "6",
                            "tags.KubernetesCluster": "us-east-1_jive-microservices-prod",
                            "tags.Name": "prod-public-subnet",
                            "tags.account_name": "jive-microservices-prod",
                            "tags.pipeline_phase": "prod",
                            "tags.region": "us-east-1",
                            "tags.sla": "prod",
                            "vpc_id": "vpc-677ae11e"
                        },
                        "meta": {
                            "schema_version": "1"
                        },
                        "tainted": false
                    },
                    "deposed": [],
                    "provider": ""
                },
                "aws_subnet.public.2": {
                    "type": "aws_subnet",
                    "depends_on": [
                        "aws_vpc.main"
                    ],
                    "primary": {
                        "id": "subnet-67367c2f",
                        "attributes": {
                            "assign_ipv6_address_on_creation": "false",
                            "availability_zone": "us-east-1c",
                            "cidr_block": "10.125.88.0/23",
                            "id": "subnet-67367c2f",
                            "map_public_ip_on_launch": "false",
                            "tags.%": "6",
                            "tags.KubernetesCluster": "us-east-1_jive-microservices-prod",
                            "tags.Name": "prod-public-subnet",
                            "tags.account_name": "jive-microservices-prod",
                            "tags.pipeline_phase": "prod",
                            "tags.region": "us-east-1",
                            "tags.sla": "prod",
                            "vpc_id": "vpc-677ae11e"
                        },
                        "meta": {
                            "schema_version": "1"
                        },
                        "tainted": false
                    },
                    "deposed": [],
                    "provider": ""
                },
                "aws_subnet.public.3": {
                    "type": "aws_subnet",
                    "depends_on": [
                        "aws_vpc.main"
                    ],
                    "primary": {
                        "id": "subnet-2d6ee577",
                        "attributes": {
                            "assign_ipv6_address_on_creation": "false",
                            "availability_zone": "us-east-1d",
                            "cidr_block": "10.125.90.0/23",
                            "id": "subnet-2d6ee577",
                            "map_public_ip_on_launch": "false",
                            "tags.%": "6",
                            "tags.KubernetesCluster": "us-east-1_jive-microservices-prod",
                            "tags.Name": "prod-public-subnet",
                            "tags.account_name": "jive-microservices-prod",
                            "tags.pipeline_phase": "prod",
                            "tags.region": "us-east-1",
                            "tags.sla": "prod",
                            "vpc_id": "vpc-677ae11e"
                        },
                        "meta": {
                            "schema_version": "1"
                        },
                        "tainted": false
                    },
                    "deposed": [],
                    "provider": ""
                },
                "aws_subnet.public.4": {
                    "type": "aws_subnet",
                    "depends_on": [
                        "aws_vpc.main"
                    ],
                    "primary": {
                        "id": "subnet-c11013fd",
                        "attributes": {
                            "assign_ipv6_address_on_creation": "false",
                            "availability_zone": "us-east-1e",
                            "cidr_block": "10.125.92.0/23",
                            "id": "subnet-c11013fd",
                            "map_public_ip_on_launch": "false",
                            "tags.%": "6",
                            "tags.KubernetesCluster": "us-east-1_jive-microservices-prod",
                            "tags.Name": "prod-public-subnet",
                            "tags.account_name": "jive-microservices-prod",
                            "tags.pipeline_phase": "prod",
                            "tags.region": "us-east-1",
                            "tags.sla": "prod",
                            "vpc_id": "vpc-677ae11e"
                        },
                        "meta": {
                            "schema_version": "1"
                        },
                        "tainted": false
                    },
                    "deposed": [],
                    "provider": ""
                },
                "aws_vpc.main": {
                    "type": "aws_vpc",
                    "depends_on": [],
                    "primary": {
                        "id": "vpc-677ae11e",
                        "attributes": {
                            "assign_generated_ipv6_cidr_block": "false",
                            "cidr_block": "10.125.64.0/19",
                            "default_network_acl_id": "acl-bbf5f8c2",
                            "default_route_table_id": "rtb-415d7539",
                            "default_security_group_id": "sg-17743e66",
                            "dhcp_options_id": "dopt-a6abfdc3",
                            "enable_classiclink": "false",
                            "enable_dns_hostnames": "true",
                            "enable_dns_support": "true",
                            "id": "vpc-677ae11e",
                            "instance_tenancy": "default",
                            "main_route_table_id": "rtb-415d7539",
                            "tags.%": "5",
                            "tags.Name": "prod-vpc",
                            "tags.account_name": "jive-microservices-prod",
                            "tags.pipeline_phase": "prod",
                            "tags.region": "us-east-1",
                            "tags.sla": "prod"
                        },
                        "meta": {
                            "schema_version": "1"
                        },
                        "tainted": false
                    },
                    "deposed": [],
                    "provider": ""
                },
                "aws_vpc_peering_connection.data_brewprod": {
                    "type": "aws_vpc_peering_connection",
                    "depends_on": [
                        "aws_vpc.main"
                    ],
                    "primary": {
                        "id": "pcx-70e19219",
                        "attributes": {
                            "accept_status": "active",
                            "accepter.#": "0",
                            "id": "pcx-70e19219",
                            "peer_owner_id": "409573287771",
                            "peer_vpc_id": "vpc-3ea63947",
                            "requester.#": "1",
                            "requester.3244290774.allow_classic_link_to_remote_vpc": "false",
                            "requester.3244290774.allow_remote_vpc_dns_resolution": "false",
                            "requester.3244290774.allow_vpc_to_remote_classic_link": "false",
                            "tags.%": "5",
                            "tags.Name": "prod_to_data_account_brewprod",
                            "tags.account_name": "jive-microservices-prod",
                            "tags.pipeline_phase": "prod",
                            "tags.region": "us-east-1",
                            "tags.sla": "prod",
                            "vpc_id": "vpc-677ae11e"
                        },
                        "meta": {},
                        "tainted": false
                    },
                    "deposed": [],
                    "provider": ""
                },
                "aws_vpc_peering_connection.data_prod": {
                    "type": "aws_vpc_peering_connection",
                    "depends_on": [
                        "aws_vpc.main"
                    ],
                    "primary": {
                        "id": "pcx-6ce79405",
                        "attributes": {
                            "accept_status": "active",
                            "accepter.#": "0",
                            "id": "pcx-6ce79405",
                            "peer_owner_id": "467524913882",
                            "peer_vpc_id": "vpc-4da13e34",
                            "requester.#": "1",
                            "requester.3244290774.allow_classic_link_to_remote_vpc": "false",
                            "requester.3244290774.allow_remote_vpc_dns_resolution": "false",
                            "requester.3244290774.allow_vpc_to_remote_classic_link": "false",
                            "tags.%": "5",
                            "tags.Name": "prod_to_data_account_prod",
                            "tags.account_name": "jive-microservices-prod",
                            "tags.pipeline_phase": "prod",
                            "tags.region": "us-east-1",
                            "tags.sla": "prod",
                            "vpc_id": "vpc-677ae11e"
                        },
                        "meta": {},
                        "tainted": false
                    },
                    "deposed": [],
                    "provider": ""
                },
                "aws_vpc_peering_connection.infra": {
                    "type": "aws_vpc_peering_connection",
                    "depends_on": [
                        "aws_vpc.main"
                    ],
                    "primary": {
                        "id": "pcx-5af68633",
                        "attributes": {
                            "accept_status": "active",
                            "accepter.#": "1",
                            "accepter.3244290774.allow_classic_link_to_remote_vpc": "false",
                            "accepter.3244290774.allow_remote_vpc_dns_resolution": "false",
                            "accepter.3244290774.allow_vpc_to_remote_classic_link": "false",
                            "auto_accept": "true",
                            "id": "pcx-5af68633",
                            "peer_owner_id": "663559125979",
                            "peer_vpc_id": "vpc-1d980364",
                            "requester.#": "1",
                            "requester.3244290774.allow_classic_link_to_remote_vpc": "false",
                            "requester.3244290774.allow_remote_vpc_dns_resolution": "false",
                            "requester.3244290774.allow_vpc_to_remote_classic_link": "false",
                            "tags.%": "5",
                            "tags.Name": "prod_to_infra-jive-microservices-prod",
                            "tags.account_name": "jive-microservices-prod",
                            "tags.pipeline_phase": "prod",
                            "tags.region": "us-east-1",
                            "tags.sla": "prod",
                            "vpc_id": "vpc-677ae11e"
                        },
                        "meta": {},
                        "tainted": false
                    },
                    "deposed": [],
                    "provider": ""
                },
                "aws_vpc_peering_connection.jcx": {
                    "type": "aws_vpc_peering_connection",
                    "depends_on": [
                        "aws_vpc.main"
                    ],
                    "primary": {
                        "id": "pcx-e5e4978c",
                        "attributes": {
                            "accept_status": "active",
                            "accepter.#": "1",
                            "accepter.3244290774.allow_classic_link_to_remote_vpc": "false",
                            "accepter.3244290774.allow_remote_vpc_dns_resolution": "false",
                            "accepter.3244290774.allow_vpc_to_remote_classic_link": "false",
                            "auto_accept": "true",
                            "id": "pcx-e5e4978c",
                            "peer_owner_id": "663559125979",
                            "peer_vpc_id": "vpc-9d7ae1e4",
                            "requester.#": "1",
                            "requester.3244290774.allow_classic_link_to_remote_vpc": "false",
                            "requester.3244290774.allow_remote_vpc_dns_resolution": "false",
                            "requester.3244290774.allow_vpc_to_remote_classic_link": "false",
                            "tags.%": "5",
                            "tags.Name": "prod_to_jcx_component_vpc",
                            "tags.account_name": "jive-microservices-prod",
                            "tags.pipeline_phase": "prod",
                            "tags.region": "us-east-1",
                            "tags.sla": "prod",
                            "vpc_id": "vpc-677ae11e"
                        },
                        "meta": {},
                        "tainted": false
                    },
                    "deposed": [],
                    "provider": ""
                },
                "aws_vpc_peering_connection.ms_pipeline": {
                    "type": "aws_vpc_peering_connection",
                    "depends_on": [
                        "aws_vpc.main"
                    ],
                    "primary": {
                        "id": "pcx-a5e192cc",
                        "attributes": {
                            "accept_status": "active",
                            "accepter.#": "0",
                            "id": "pcx-a5e192cc",
                            "peer_owner_id": "811034720611",
                            "peer_vpc_id": "vpc-e942d990",
                            "requester.#": "1",
                            "requester.3244290774.allow_classic_link_to_remote_vpc": "false",
                            "requester.3244290774.allow_remote_vpc_dns_resolution": "false",
                            "requester.3244290774.allow_vpc_to_remote_classic_link": "false",
                            "tags.%": "5",
                            "tags.Name": "prod_to_ms_pipeline",
                            "tags.account_name": "jive-microservices-prod",
                            "tags.pipeline_phase": "prod",
                            "tags.region": "us-east-1",
                            "tags.sla": "prod",
                            "vpc_id": "vpc-677ae11e"
                        },
                        "meta": {},
                        "tainted": false
                    },
                    "deposed": [],
                    "provider": ""
                },
                "aws_vpc_peering_connection.reco_brewprod": {
                    "type": "aws_vpc_peering_connection",
                    "depends_on": [
                        "aws_vpc.main"
                    ],
                    "primary": {
                        "id": "pcx-7de19214",
                        "attributes": {
                            "accept_status": "active",
                            "accepter.#": "0",
                            "id": "pcx-7de19214",
                            "peer_owner_id": "549229563172",
                            "peer_vpc_id": "vpc-a976ebd0",
                            "requester.#": "1",
                            "requester.3244290774.allow_classic_link_to_remote_vpc": "false",
                            "requester.3244290774.allow_remote_vpc_dns_resolution": "false",
                            "requester.3244290774.allow_vpc_to_remote_classic_link": "false",
                            "tags.%": "5",
                            "tags.Name": "prod_to_reco_account_brewprod",
                            "tags.account_name": "jive-microservices-prod",
                            "tags.pipeline_phase": "prod",
                            "tags.region": "us-east-1",
                            "tags.sla": "prod",
                            "vpc_id": "vpc-677ae11e"
                        },
                        "meta": {},
                        "tainted": false
                    },
                    "deposed": [],
                    "provider": ""
                },
                "aws_vpc_peering_connection.reco_prod": {
                    "type": "aws_vpc_peering_connection",
                    "depends_on": [
                        "aws_vpc.main"
                    ],
                    "primary": {
                        "id": "pcx-dce596b5",
                        "attributes": {
                            "accept_status": "active",
                            "accepter.#": "0",
                            "id": "pcx-dce596b5",
                            "peer_owner_id": "870846026232",
                            "peer_vpc_id": "vpc-0175e878",
                            "requester.#": "1",
                            "requester.3244290774.allow_classic_link_to_remote_vpc": "false",
                            "requester.3244290774.allow_remote_vpc_dns_resolution": "false",
                            "requester.3244290774.allow_vpc_to_remote_classic_link": "false",
                            "tags.%": "5",
                            "tags.Name": "prod_to_reco_account_prod",
                            "tags.account_name": "jive-microservices-prod",
                            "tags.pipeline_phase": "prod",
                            "tags.region": "us-east-1",
                            "tags.sla": "prod",
                            "vpc_id": "vpc-677ae11e"
                        },
                        "meta": {},
                        "tainted": false
                    },
                    "deposed": [],
                    "provider": ""
                },
                "aws_vpn_connection.main": {
                    "type": "aws_vpn_connection",
                    "depends_on": [
                        "aws_vpn_gateway.vgw"
                    ],
                    "primary": {
                        "id": "vpn-dc6a79bd",
                        "attributes": {
                            "customer_gateway_configuration": "\u003c?xml version=\"1.0\" encoding=\"UTF-8\"?\u003e\n\u003cvpn_connection id=\"vpn-dc6a79bd\"\u003e\n  \u003ccustomer_gateway_id\u003ecgw-a99d76c0\u003c/customer_gateway_id\u003e\n  \u003cvpn_gateway_id\u003evgw-bc8e65d5\u003c/vpn_gateway_id\u003e\n  \u003cvpn_connection_type\u003eipsec.1\u003c/vpn_connection_type\u003e\n  \u003cipsec_tunnel\u003e\n    \u003ccustomer_gateway\u003e\n      \u003ctunnel_outside_address\u003e\n        \u003cip_address\u003e204.93.64.130\u003c/ip_address\u003e\n      \u003c/tunnel_outside_address\u003e\n      \u003ctunnel_inside_address\u003e\n        \u003cip_address\u003e169.254.45.22\u003c/ip_address\u003e\n        \u003cnetwork_mask\u003e255.255.255.252\u003c/network_mask\u003e\n        \u003cnetwork_cidr\u003e30\u003c/network_cidr\u003e\n      \u003c/tunnel_inside_address\u003e\n      \u003cbgp\u003e\n        \u003casn\u003e13364\u003c/asn\u003e\n        \u003chold_time\u003e30\u003c/hold_time\u003e\n      \u003c/bgp\u003e\n    \u003c/customer_gateway\u003e\n    \u003cvpn_gateway\u003e\n      \u003ctunnel_outside_address\u003e\n        \u003cip_address\u003e52.44.120.97\u003c/ip_address\u003e\n      \u003c/tunnel_outside_address\u003e\n      \u003ctunnel_inside_address\u003e\n        \u003cip_address\u003e169.254.45.21\u003c/ip_address\u003e\n        \u003cnetwork_mask\u003e255.255.255.252\u003c/network_mask\u003e\n        \u003cnetwork_cidr\u003e30\u003c/network_cidr\u003e\n      \u003c/tunnel_inside_address\u003e\n      \u003cbgp\u003e\n        \u003casn\u003e7224\u003c/asn\u003e\n        \u003chold_time\u003e30\u003c/hold_time\u003e\n      \u003c/bgp\u003e\n    \u003c/vpn_gateway\u003e\n    \u003cike\u003e\n      \u003cauthentication_protocol\u003esha1\u003c/authentication_protocol\u003e\n      \u003cencryption_protocol\u003eaes-128-cbc\u003c/encryption_protocol\u003e\n      \u003clifetime\u003e28800\u003c/lifetime\u003e\n      \u003cperfect_forward_secrecy\u003egroup2\u003c/perfect_forward_secrecy\u003e\n      \u003cmode\u003emain\u003c/mode\u003e\n      \u003cpre_shared_key\u003e5s5lwjXV6x4gFzQeOfbts39YAieTEcDX\u003c/pre_shared_key\u003e\n    \u003c/ike\u003e\n    \u003cipsec\u003e\n      \u003cprotocol\u003eesp\u003c/protocol\u003e\n      \u003cauthentication_protocol\u003ehmac-sha1-96\u003c/authentication_protocol\u003e\n      \u003cencryption_protocol\u003eaes-128-cbc\u003c/encryption_protocol\u003e\n      \u003clifetime\u003e3600\u003c/lifetime\u003e\n      \u003cperfect_forward_secrecy\u003egroup2\u003c/perfect_forward_secrecy\u003e\n      \u003cmode\u003etunnel\u003c/mode\u003e\n      \u003cclear_df_bit\u003etrue\u003c/clear_df_bit\u003e\n      \u003cfragmentation_before_encryption\u003etrue\u003c/fragmentation_before_encryption\u003e\n      \u003ctcp_mss_adjustment\u003e1379\u003c/tcp_mss_adjustment\u003e\n      \u003cdead_peer_detection\u003e\n        \u003cinterval\u003e10\u003c/interval\u003e\n        \u003cretries\u003e3\u003c/retries\u003e\n      \u003c/dead_peer_detection\u003e\n    \u003c/ipsec\u003e\n  \u003c/ipsec_tunnel\u003e\n  \u003cipsec_tunnel\u003e\n    \u003ccustomer_gateway\u003e\n      \u003ctunnel_outside_address\u003e\n        \u003cip_address\u003e204.93.64.130\u003c/ip_address\u003e\n      \u003c/tunnel_outside_address\u003e\n      \u003ctunnel_inside_address\u003e\n        \u003cip_address\u003e169.254.46.198\u003c/ip_address\u003e\n        \u003cnetwork_mask\u003e255.255.255.252\u003c/network_mask\u003e\n        \u003cnetwork_cidr\u003e30\u003c/network_cidr\u003e\n      \u003c/tunnel_inside_address\u003e\n      \u003cbgp\u003e\n        \u003casn\u003e13364\u003c/asn\u003e\n        \u003chold_time\u003e30\u003c/hold_time\u003e\n      \u003c/bgp\u003e\n    \u003c/customer_gateway\u003e\n    \u003cvpn_gateway\u003e\n      \u003ctunnel_outside_address\u003e\n        \u003cip_address\u003e54.164.103.14\u003c/ip_address\u003e\n      \u003c/tunnel_outside_address\u003e\n      \u003ctunnel_inside_address\u003e\n        \u003cip_address\u003e169.254.46.197\u003c/ip_address\u003e\n        \u003cnetwork_mask\u003e255.255.255.252\u003c/network_mask\u003e\n        \u003cnetwork_cidr\u003e30\u003c/network_cidr\u003e\n      \u003c/tunnel_inside_address\u003e\n      \u003cbgp\u003e\n        \u003casn\u003e7224\u003c/asn\u003e\n        \u003chold_time\u003e30\u003c/hold_time\u003e\n      \u003c/bgp\u003e\n    \u003c/vpn_gateway\u003e\n    \u003cike\u003e\n      \u003cauthentication_protocol\u003esha1\u003c/authentication_protocol\u003e\n      \u003cencryption_protocol\u003eaes-128-cbc\u003c/encryption_protocol\u003e\n      \u003clifetime\u003e28800\u003c/lifetime\u003e\n      \u003cperfect_forward_secrecy\u003egroup2\u003c/perfect_forward_secrecy\u003e\n      \u003cmode\u003emain\u003c/mode\u003e\n      \u003cpre_shared_key\u003elfCFiC5947PsUJSENOw5KV7AkiNlXzGb\u003c/pre_shared_key\u003e\n    \u003c/ike\u003e\n    \u003cipsec\u003e\n      \u003cprotocol\u003eesp\u003c/protocol\u003e\n      \u003cauthentication_protocol\u003ehmac-sha1-96\u003c/authentication_protocol\u003e\n      \u003cencryption_protocol\u003eaes-128-cbc\u003c/encryption_protocol\u003e\n      \u003clifetime\u003e3600\u003c/lifetime\u003e\n      \u003cperfect_forward_secrecy\u003egroup2\u003c/perfect_forward_secrecy\u003e\n      \u003cmode\u003etunnel\u003c/mode\u003e\n      \u003cclear_df_bit\u003etrue\u003c/clear_df_bit\u003e\n      \u003cfragmentation_before_encryption\u003etrue\u003c/fragmentation_before_encryption\u003e\n      \u003ctcp_mss_adjustment\u003e1379\u003c/tcp_mss_adjustment\u003e\n      \u003cdead_peer_detection\u003e\n        \u003cinterval\u003e10\u003c/interval\u003e\n        \u003cretries\u003e3\u003c/retries\u003e\n      \u003c/dead_peer_detection\u003e\n    \u003c/ipsec\u003e\n  \u003c/ipsec_tunnel\u003e\n\u003c/vpn_connection\u003e",
                            "customer_gateway_id": "cgw-a99d76c0",
                            "id": "vpn-dc6a79bd",
                            "routes.#": "0",
                            "static_routes_only": "false",
                            "tags.%": "5",
                            "tags.Name": "prod-jive-vpn",
                            "tags.account_name": "jive-microservices-prod",
                            "tags.pipeline_phase": "prod",
                            "tags.region": "us-east-1",
                            "tags.sla": "prod",
                            "tunnel1_address": "52.44.120.97",
                            "tunnel1_preshared_key": "5s5lwjXV6x4gFzQeOfbts39YAieTEcDX",
                            "tunnel2_address": "54.164.103.14",
                            "tunnel2_preshared_key": "lfCFiC5947PsUJSENOw5KV7AkiNlXzGb",
                            "type": "ipsec.1",
                            "vgw_telemetry.#": "2",
                            "vgw_telemetry.2683018649.accepted_route_count": "0",
                            "vgw_telemetry.2683018649.last_status_change": "2017-08-03 17:50:03 +0000 UTC",
                            "vgw_telemetry.2683018649.outside_ip_address": "52.44.120.97",
                            "vgw_telemetry.2683018649.status": "DOWN",
                            "vgw_telemetry.2683018649.status_message": "IPSEC IS DOWN",
                            "vgw_telemetry.2893596781.accepted_route_count": "0",
                            "vgw_telemetry.2893596781.last_status_change": "2017-08-03 17:49:45 +0000 UTC",
                            "vgw_telemetry.2893596781.outside_ip_address": "54.164.103.14",
                            "vgw_telemetry.2893596781.status": "DOWN",
                            "vgw_telemetry.2893596781.status_message": "IPSEC IS DOWN",
                            "vpn_gateway_id": "vgw-bc8e65d5"
                        },
                        "meta": {},
                        "tainted": false
                    },
                    "deposed": [],
                    "provider": ""
                },
                "aws_vpn_gateway.vgw": {
                    "type": "aws_vpn_gateway",
                    "depends_on": [
                        "aws_vpc.main"
                    ],
                    "primary": {
                        "id": "vgw-bc8e65d5",
                        "attributes": {
                            "id": "vgw-bc8e65d5",
                            "tags.%": "7",
                            "tags.Name": "prod-vgw",
                            "tags.account_name": "jive-microservices-prod",
                            "tags.jive_service": "infrastructure",
                            "tags.pipeline_phase": "prod",
                            "tags.region": "us-east-1",
                            "tags.service_component": "vpn_gateway",
                            "tags.sla": "prod",
                            "vpc_id": "vpc-677ae11e"
                        },
                        "meta": {},
                        "tainted": false
                    },
                    "deposed": [],
                    "provider": ""
                },
                "data.aws_security_group.bastion": {
                    "type": "aws_security_group",
                    "depends_on": [],
                    "primary": {
                        "id": "sg-f6733887",
                        "attributes": {
                            "filter.#": "1",
                            "filter.1988431066.name": "tag:jive_service",
                            "filter.1988431066.values.#": "1",
                            "filter.1988431066.values.2480389212": "infrastructure",
                            "id": "sg-f6733887",
                            "name": "infra-prod-jive-phx-dc",
                            "tags.%": "6",
                            "tags.Name": "infra-prod-jive-phx-dc",
                            "tags.account_name": "jive-microservices-prod",
                            "tags.jive_service": "infrastructure",
                            "tags.pipeline_phase": "infra-prod",
                            "tags.region": "us-east-1",
                            "tags.sla": "prod",
                            "vpc_id": "vpc-1d980364"
                        },
                        "meta": {},
                        "tainted": false
                    },
                    "deposed": [],
                    "provider": ""
                }
            },
            "depends_on": []
        }
    ]
}
