{
    "version": 3,
    "terraform_version": "0.9.2",
    "serial": 21,
    "lineage": "1f139663-9705-4f7d-928e-b26ea14dcf1e",
    "modules": [
        {
            "path": [
                "root"
            ],
            "outputs": {},
            "resources": {
                "aws_autoscaling_group.bastion": {
                    "type": "aws_autoscaling_group",
                    "depends_on": [
                        "aws_launch_configuration.bastion",
                        "aws_launch_configuration.bastion",
                        "aws_subnet.natdc"
                    ],
                    "primary": {
                        "id": "infra-prod-bastion-asg-terraform-008af3592fead49d5326600084",
                        "attributes": {
                            "arn": "arn:aws:autoscaling:us-west-2:874979382819:autoScalingGroup:d7f856df-6048-48eb-ba1f-ca4066eb3a75:autoScalingGroupName/infra-prod-bastion-asg-terraform-008af3592fead49d5326600084",
                            "availability_zones.#": "1",
                            "availability_zones.2487133097": "us-west-2a",
                            "default_cooldown": "300",
                            "desired_capacity": "1",
                            "force_delete": "false",
                            "health_check_grace_period": "300",
                            "health_check_type": "EC2",
                            "id": "infra-prod-bastion-asg-terraform-008af3592fead49d5326600084",
                            "launch_configuration": "terraform-008af3592fead49d5326600084",
                            "load_balancers.#": "0",
                            "max_size": "1",
                            "metrics_granularity": "1Minute",
                            "min_size": "1",
                            "name": "infra-prod-bastion-asg-terraform-008af3592fead49d5326600084",
                            "placement_group": "",
                            "protect_from_scale_in": "false",
                            "suspended_processes.#": "0",
                            "tag.#": "8",
                            "tag.169118653.key": "sla",
                            "tag.169118653.propagate_at_launch": "true",
                            "tag.169118653.value": "prod",
                            "tag.2005627539.key": "region",
                            "tag.2005627539.propagate_at_launch": "true",
                            "tag.2005627539.value": "us-west-2",
                            "tag.2071159907.key": "account_name",
                            "tag.2071159907.propagate_at_launch": "true",
                            "tag.2071159907.value": "jive-ps-prod",
                            "tag.2099585974.key": "pipeline_phase",
                            "tag.2099585974.propagate_at_launch": "true",
                            "tag.2099585974.value": "infra-prod",
                            "tag.2734052481.key": "service_component",
                            "tag.2734052481.propagate_at_launch": "true",
                            "tag.2734052481.value": "bastion",
                            "tag.3153515461.key": "Name",
                            "tag.3153515461.propagate_at_launch": "true",
                            "tag.3153515461.value": "infra-prod-bastion-instance",
                            "tag.318242372.key": "bastionip",
                            "tag.318242372.propagate_at_launch": "true",
                            "tag.318242372.value": "10.127.60.7",
                            "tag.853938758.key": "jive_service",
                            "tag.853938758.propagate_at_launch": "true",
                            "tag.853938758.value": "infrastructure",
                            "target_group_arns.#": "0",
                            "termination_policies.#": "0",
                            "vpc_zone_identifier.#": "1",
                            "vpc_zone_identifier.496974609": "subnet-25d75741",
                            "wait_for_capacity_timeout": "10m"
                        },
                        "meta": {},
                        "tainted": false
                    },
                    "deposed": [],
                    "provider": ""
                },
                "aws_eip.natgw.0": {
                    "type": "aws_eip",
                    "depends_on": [],
                    "primary": {
                        "id": "eipalloc-581f603c",
                        "attributes": {
                            "association_id": "eipassoc-a6f38e9c",
                            "domain": "vpc",
                            "id": "eipalloc-581f603c",
                            "instance": "",
                            "network_interface": "eni-f5aeb9dd",
                            "private_ip": "10.127.60.120",
                            "public_ip": "52.11.73.22",
                            "vpc": "true"
                        },
                        "meta": {},
                        "tainted": false
                    },
                    "deposed": [],
                    "provider": ""
                },
                "aws_eip.natgw.1": {
                    "type": "aws_eip",
                    "depends_on": [],
                    "primary": {
                        "id": "eipalloc-7426bf4e",
                        "attributes": {
                            "association_id": "eipassoc-14f38e2e",
                            "domain": "vpc",
                            "id": "eipalloc-7426bf4e",
                            "instance": "",
                            "network_interface": "eni-6a714750",
                            "private_ip": "10.127.60.141",
                            "public_ip": "54.149.4.100",
                            "vpc": "true"
                        },
                        "meta": {},
                        "tainted": false
                    },
                    "deposed": [],
                    "provider": ""
                },
                "aws_eip.natgw.2": {
                    "type": "aws_eip",
                    "depends_on": [],
                    "primary": {
                        "id": "eipalloc-2ed84014",
                        "attributes": {
                            "association_id": "eipassoc-13f68b29",
                            "domain": "vpc",
                            "id": "eipalloc-2ed84014",
                            "instance": "",
                            "network_interface": "eni-e88dc8e4",
                            "private_ip": "10.127.60.180",
                            "public_ip": "35.166.150.105",
                            "vpc": "true"
                        },
                        "meta": {},
                        "tainted": false
                    },
                    "deposed": [],
                    "provider": ""
                },
                "aws_internet_gateway.igw": {
                    "type": "aws_internet_gateway",
                    "depends_on": [
                        "aws_vpc.main"
                    ],
                    "primary": {
                        "id": "igw-996962fc",
                        "attributes": {
                            "id": "igw-996962fc",
                            "tags.%": "5",
                            "tags.Name": "infra-prod-igw",
                            "tags.account_name": "jive-ps-prod",
                            "tags.pipeline_phase": "infra-prod",
                            "tags.region": "us-west-2",
                            "tags.sla": "prod",
                            "vpc_id": "vpc-5131b435"
                        },
                        "meta": {},
                        "tainted": false
                    },
                    "deposed": [],
                    "provider": ""
                },
                "aws_launch_configuration.bastion": {
                    "type": "aws_launch_configuration",
                    "depends_on": [],
                    "primary": {
                        "id": "terraform-008af3592fead49d5326600084",
                        "attributes": {
                            "associate_public_ip_address": "false",
                            "ebs_block_device.#": "0",
                            "ebs_optimized": "false",
                            "enable_monitoring": "true",
                            "ephemeral_block_device.#": "0",
                            "iam_instance_profile": "eni-attach-profile",
                            "id": "terraform-008af3592fead49d5326600084",
                            "image_id": "ami-d2c924b2",
                            "instance_type": "t2.medium",
                            "key_name": "ps-prod",
                            "name": "terraform-008af3592fead49d5326600084",
                            "root_block_device.#": "1",
                            "root_block_device.0.delete_on_termination": "true",
                            "root_block_device.0.iops": "0",
                            "root_block_device.0.volume_size": "25",
                            "root_block_device.0.volume_type": "",
                            "security_groups.#": "1",
                            "security_groups.3958260143": "sg-e6976680",
                            "spot_price": "",
                            "user_data": "8680c63e6fd2f515c2dc1645c4288cc512f9f09e",
                            "vpc_classic_link_id": "",
                            "vpc_classic_link_security_groups.#": "0"
                        },
                        "meta": {},
                        "tainted": false
                    },
                    "deposed": [],
                    "provider": ""
                },
                "aws_nat_gateway.natgw.0": {
                    "type": "aws_nat_gateway",
                    "depends_on": [
                        "aws_eip.natgw.*",
                        "aws_internet_gateway.igw",
                        "aws_subnet.public.*"
                    ],
                    "primary": {
                        "id": "nat-05ef1cd225ac06f96",
                        "attributes": {
                            "allocation_id": "eipalloc-581f603c",
                            "id": "nat-05ef1cd225ac06f96",
                            "network_interface_id": "eni-f5aeb9dd",
                            "private_ip": "10.127.60.120",
                            "public_ip": "52.11.73.22",
                            "subnet_id": "subnet-20d75744"
                        },
                        "meta": {},
                        "tainted": false
                    },
                    "deposed": [],
                    "provider": ""
                },
                "aws_nat_gateway.natgw.1": {
                    "type": "aws_nat_gateway",
                    "depends_on": [
                        "aws_eip.natgw.*",
                        "aws_internet_gateway.igw",
                        "aws_subnet.public.*"
                    ],
                    "primary": {
                        "id": "nat-05f6bca6cd407ffde",
                        "attributes": {
                            "allocation_id": "eipalloc-7426bf4e",
                            "id": "nat-05f6bca6cd407ffde",
                            "network_interface_id": "eni-6a714750",
                            "private_ip": "10.127.60.141",
                            "public_ip": "54.149.4.100",
                            "subnet_id": "subnet-3020fb46"
                        },
                        "meta": {},
                        "tainted": false
                    },
                    "deposed": [],
                    "provider": ""
                },
                "aws_nat_gateway.natgw.2": {
                    "type": "aws_nat_gateway",
                    "depends_on": [
                        "aws_eip.natgw.*",
                        "aws_internet_gateway.igw",
                        "aws_subnet.public.*"
                    ],
                    "primary": {
                        "id": "nat-0a9cb1e49cc5ffe47",
                        "attributes": {
                            "allocation_id": "eipalloc-2ed84014",
                            "id": "nat-0a9cb1e49cc5ffe47",
                            "network_interface_id": "eni-e88dc8e4",
                            "private_ip": "10.127.60.180",
                            "public_ip": "35.166.150.105",
                            "subnet_id": "subnet-99638ac1"
                        },
                        "meta": {},
                        "tainted": false
                    },
                    "deposed": [],
                    "provider": ""
                },
                "aws_network_interface.bastion": {
                    "type": "aws_network_interface",
                    "depends_on": [
                        "aws_security_group.jive_phx_dc",
                        "aws_subnet.natdc"
                    ],
                    "primary": {
                        "id": "eni-6614861c",
                        "attributes": {
                            "attachment.#": "1",
                            "attachment.326250444.attachment_id": "eni-attach-d541a63c",
                            "attachment.326250444.device_index": "1",
                            "attachment.326250444.instance": "i-0847dfe0334cfb8bc",
                            "description": "",
                            "id": "eni-6614861c",
                            "private_ips.#": "1",
                            "private_ips.4079440159": "10.127.60.7",
                            "security_groups.#": "1",
                            "security_groups.3958260143": "sg-e6976680",
                            "source_dest_check": "true",
                            "subnet_id": "subnet-25d75741",
                            "tags.%": "7",
                            "tags.Name": "infra-prod-bastion-instance",
                            "tags.account_name": "jive-ps-prod",
                            "tags.jive_service": "infrastructure",
                            "tags.pipeline_phase": "infra-prod",
                            "tags.region": "us-west-2",
                            "tags.service_component": "bastion",
                            "tags.sla": "prod"
                        },
                        "meta": {},
                        "tainted": false
                    },
                    "deposed": [],
                    "provider": ""
                },
                "aws_route53_record.bastion": {
                    "type": "aws_route53_record",
                    "depends_on": [],
                    "primary": {
                        "id": "Z2IC7CCTBC9E6B_bastion-us-west-2-jive-ps-prod_A",
                        "attributes": {
                            "fqdn": "bastion-us-west-2-jive-ps-prod.jiveprivate.com",
                            "health_check_id": "",
                            "id": "Z2IC7CCTBC9E6B_bastion-us-west-2-jive-ps-prod_A",
                            "name": "bastion-us-west-2-jive-ps-prod",
                            "records.#": "1",
                            "records.4079440159": "10.127.60.7",
                            "set_identifier": "",
                            "ttl": "60",
                            "type": "A",
                            "zone_id": "Z2IC7CCTBC9E6B"
                        },
                        "meta": {
                            "schema_version": "2"
                        },
                        "tainted": false
                    },
                    "deposed": [],
                    "provider": ""
                },
                "aws_route53_zone_association.route53": {
                    "type": "aws_route53_zone_association",
                    "depends_on": [
                        "aws_vpc.main"
                    ],
                    "primary": {
                        "id": "Z2IC7CCTBC9E6B:vpc-5131b435",
                        "attributes": {
                            "id": "Z2IC7CCTBC9E6B:vpc-5131b435",
                            "vpc_id": "vpc-5131b435",
                            "vpc_region": "us-west-2",
                            "zone_id": "Z2IC7CCTBC9E6B"
                        },
                        "meta": {},
                        "tainted": false
                    },
                    "deposed": [],
                    "provider": ""
                },
                "aws_route_table.natdc.0": {
                    "type": "aws_route_table",
                    "depends_on": [
                        "aws_nat_gateway.natgw",
                        "aws_vpc.main",
                        "aws_vpn_gateway.vgw"
                    ],
                    "primary": {
                        "id": "rtb-55086131",
                        "attributes": {
                            "id": "rtb-55086131",
                            "propagating_vgws.#": "1",
                            "propagating_vgws.2426302049": "vgw-31c8112f",
                            "route.#": "3",
                            "route.2212207477.cidr_block": "0.0.0.0/0",
                            "route.2212207477.egress_only_gateway_id": "",
                            "route.2212207477.gateway_id": "",
                            "route.2212207477.instance_id": "",
                            "route.2212207477.ipv6_cidr_block": "",
                            "route.2212207477.nat_gateway_id": "nat-05f6bca6cd407ffde",
                            "route.2212207477.network_interface_id": "",
                            "route.2212207477.vpc_peering_connection_id": "",
                            "route.399906789.cidr_block": "10.126.224.0/20",
                            "route.399906789.egress_only_gateway_id": "",
                            "route.399906789.gateway_id": "",
                            "route.399906789.instance_id": "",
                            "route.399906789.ipv6_cidr_block": "",
                            "route.399906789.nat_gateway_id": "",
                            "route.399906789.network_interface_id": "",
                            "route.399906789.vpc_peering_connection_id": "pcx-208f3749",
                            "route.604999282.cidr_block": "10.126.192.0/20",
                            "route.604999282.egress_only_gateway_id": "",
                            "route.604999282.gateway_id": "",
                            "route.604999282.instance_id": "",
                            "route.604999282.ipv6_cidr_block": "",
                            "route.604999282.nat_gateway_id": "",
                            "route.604999282.network_interface_id": "",
                            "route.604999282.vpc_peering_connection_id": "pcx-92a115fb",
                            "tags.%": "5",
                            "tags.Name": "infra-prod-natdc-routetable",
                            "tags.account_name": "jive-ps-prod",
                            "tags.pipeline_phase": "infra-prod",
                            "tags.region": "us-west-2",
                            "tags.sla": "prod",
                            "vpc_id": "vpc-5131b435"
                        },
                        "meta": {},
                        "tainted": false
                    },
                    "deposed": [],
                    "provider": ""
                },
                "aws_route_table.natdc.1": {
                    "type": "aws_route_table",
                    "depends_on": [
                        "aws_nat_gateway.natgw.*",
                        "aws_vpc.main",
                        "aws_vpn_gateway.vgw"
                    ],
                    "primary": {
                        "id": "rtb-e6e83780",
                        "attributes": {
                            "id": "rtb-e6e83780",
                            "propagating_vgws.#": "1",
                            "propagating_vgws.2426302049": "vgw-31c8112f",
                            "route.#": "3",
                            "route.2212207477.cidr_block": "0.0.0.0/0",
                            "route.2212207477.egress_only_gateway_id": "",
                            "route.2212207477.gateway_id": "",
                            "route.2212207477.instance_id": "",
                            "route.2212207477.ipv6_cidr_block": "",
                            "route.2212207477.nat_gateway_id": "nat-05f6bca6cd407ffde",
                            "route.2212207477.network_interface_id": "",
                            "route.2212207477.vpc_peering_connection_id": "",
                            "route.399906789.cidr_block": "10.126.224.0/20",
                            "route.399906789.egress_only_gateway_id": "",
                            "route.399906789.gateway_id": "",
                            "route.399906789.instance_id": "",
                            "route.399906789.ipv6_cidr_block": "",
                            "route.399906789.nat_gateway_id": "",
                            "route.399906789.network_interface_id": "",
                            "route.399906789.vpc_peering_connection_id": "pcx-208f3749",
                            "route.604999282.cidr_block": "10.126.192.0/20",
                            "route.604999282.egress_only_gateway_id": "",
                            "route.604999282.gateway_id": "",
                            "route.604999282.instance_id": "",
                            "route.604999282.ipv6_cidr_block": "",
                            "route.604999282.nat_gateway_id": "",
                            "route.604999282.network_interface_id": "",
                            "route.604999282.vpc_peering_connection_id": "pcx-92a115fb",
                            "tags.%": "5",
                            "tags.Name": "infra-prod-natdc-routetable",
                            "tags.account_name": "jive-ps-prod",
                            "tags.pipeline_phase": "infra-prod",
                            "tags.region": "us-west-2",
                            "tags.sla": "prod",
                            "vpc_id": "vpc-5131b435"
                        },
                        "meta": {},
                        "tainted": false
                    },
                    "deposed": [],
                    "provider": ""
                },
                "aws_route_table.natdc.2": {
                    "type": "aws_route_table",
                    "depends_on": [
                        "aws_nat_gateway.natgw.*",
                        "aws_vpc.main",
                        "aws_vpn_gateway.vgw"
                    ],
                    "primary": {
                        "id": "rtb-b6e53ad0",
                        "attributes": {
                            "id": "rtb-b6e53ad0",
                            "propagating_vgws.#": "1",
                            "propagating_vgws.2426302049": "vgw-31c8112f",
                            "route.#": "3",
                            "route.399906789.cidr_block": "10.126.224.0/20",
                            "route.399906789.egress_only_gateway_id": "",
                            "route.399906789.gateway_id": "",
                            "route.399906789.instance_id": "",
                            "route.399906789.ipv6_cidr_block": "",
                            "route.399906789.nat_gateway_id": "",
                            "route.399906789.network_interface_id": "",
                            "route.399906789.vpc_peering_connection_id": "pcx-208f3749",
                            "route.534331607.cidr_block": "0.0.0.0/0",
                            "route.534331607.egress_only_gateway_id": "",
                            "route.534331607.gateway_id": "",
                            "route.534331607.instance_id": "",
                            "route.534331607.ipv6_cidr_block": "",
                            "route.534331607.nat_gateway_id": "nat-0a9cb1e49cc5ffe47",
                            "route.534331607.network_interface_id": "",
                            "route.534331607.vpc_peering_connection_id": "",
                            "route.604999282.cidr_block": "10.126.192.0/20",
                            "route.604999282.egress_only_gateway_id": "",
                            "route.604999282.gateway_id": "",
                            "route.604999282.instance_id": "",
                            "route.604999282.ipv6_cidr_block": "",
                            "route.604999282.nat_gateway_id": "",
                            "route.604999282.network_interface_id": "",
                            "route.604999282.vpc_peering_connection_id": "pcx-92a115fb",
                            "tags.%": "5",
                            "tags.Name": "infra-prod-natdc-routetable",
                            "tags.account_name": "jive-ps-prod",
                            "tags.pipeline_phase": "infra-prod",
                            "tags.region": "us-west-2",
                            "tags.sla": "prod",
                            "vpc_id": "vpc-5131b435"
                        },
                        "meta": {},
                        "tainted": false
                    },
                    "deposed": [],
                    "provider": ""
                },
                "aws_route_table.private": {
                    "type": "aws_route_table",
                    "depends_on": [
                        "aws_vpc.main"
                    ],
                    "primary": {
                        "id": "rtb-f4096090",
                        "attributes": {
                            "id": "rtb-f4096090",
                            "propagating_vgws.#": "0",
                            "route.#": "2",
                            "route.399906789.cidr_block": "10.126.224.0/20",
                            "route.399906789.egress_only_gateway_id": "",
                            "route.399906789.gateway_id": "",
                            "route.399906789.instance_id": "",
                            "route.399906789.ipv6_cidr_block": "",
                            "route.399906789.nat_gateway_id": "",
                            "route.399906789.network_interface_id": "",
                            "route.399906789.vpc_peering_connection_id": "pcx-208f3749",
                            "route.604999282.cidr_block": "10.126.192.0/20",
                            "route.604999282.egress_only_gateway_id": "",
                            "route.604999282.gateway_id": "",
                            "route.604999282.instance_id": "",
                            "route.604999282.ipv6_cidr_block": "",
                            "route.604999282.nat_gateway_id": "",
                            "route.604999282.network_interface_id": "",
                            "route.604999282.vpc_peering_connection_id": "pcx-92a115fb",
                            "tags.%": "5",
                            "tags.Name": "infra-prod-private-routetable",
                            "tags.account_name": "jive-ps-prod",
                            "tags.pipeline_phase": "infra-prod",
                            "tags.region": "us-west-2",
                            "tags.sla": "prod",
                            "vpc_id": "vpc-5131b435"
                        },
                        "meta": {},
                        "tainted": false
                    },
                    "deposed": [],
                    "provider": ""
                },
                "aws_route_table.public": {
                    "type": "aws_route_table",
                    "depends_on": [
                        "aws_internet_gateway.igw",
                        "aws_vpc.main"
                    ],
                    "primary": {
                        "id": "rtb-f5096091",
                        "attributes": {
                            "id": "rtb-f5096091",
                            "propagating_vgws.#": "0",
                            "route.#": "3",
                            "route.2126412779.cidr_block": "0.0.0.0/0",
                            "route.2126412779.egress_only_gateway_id": "",
                            "route.2126412779.gateway_id": "igw-996962fc",
                            "route.2126412779.instance_id": "",
                            "route.2126412779.ipv6_cidr_block": "",
                            "route.2126412779.nat_gateway_id": "",
                            "route.2126412779.network_interface_id": "",
                            "route.2126412779.vpc_peering_connection_id": "",
                            "route.399906789.cidr_block": "10.126.224.0/20",
                            "route.399906789.egress_only_gateway_id": "",
                            "route.399906789.gateway_id": "",
                            "route.399906789.instance_id": "",
                            "route.399906789.ipv6_cidr_block": "",
                            "route.399906789.nat_gateway_id": "",
                            "route.399906789.network_interface_id": "",
                            "route.399906789.vpc_peering_connection_id": "pcx-208f3749",
                            "route.604999282.cidr_block": "10.126.192.0/20",
                            "route.604999282.egress_only_gateway_id": "",
                            "route.604999282.gateway_id": "",
                            "route.604999282.instance_id": "",
                            "route.604999282.ipv6_cidr_block": "",
                            "route.604999282.nat_gateway_id": "",
                            "route.604999282.network_interface_id": "",
                            "route.604999282.vpc_peering_connection_id": "pcx-92a115fb",
                            "tags.%": "5",
                            "tags.Name": "infra-prod-public-routetable",
                            "tags.account_name": "jive-ps-prod",
                            "tags.pipeline_phase": "infra-prod",
                            "tags.region": "us-west-2",
                            "tags.sla": "prod",
                            "vpc_id": "vpc-5131b435"
                        },
                        "meta": {},
                        "tainted": false
                    },
                    "deposed": [],
                    "provider": ""
                },
                "aws_route_table_association.natdc.0": {
                    "type": "aws_route_table_association",
                    "depends_on": [
                        "aws_route_table.natdc.*",
                        "aws_subnet.natdc.*"
                    ],
                    "primary": {
                        "id": "rtbassoc-7b8d961f",
                        "attributes": {
                            "id": "rtbassoc-7b8d961f",
                            "route_table_id": "rtb-55086131",
                            "subnet_id": "subnet-3220fb44"
                        },
                        "meta": {},
                        "tainted": false
                    },
                    "deposed": [],
                    "provider": ""
                },
                "aws_route_table_association.natdc.1": {
                    "type": "aws_route_table_association",
                    "depends_on": [
                        "aws_route_table.natdc.*",
                        "aws_subnet.natdc.*"
                    ],
                    "primary": {
                        "id": "rtbassoc-3b29e242",
                        "attributes": {
                            "id": "rtbassoc-3b29e242",
                            "route_table_id": "rtb-e6e83780",
                            "subnet_id": "subnet-98638ac0"
                        },
                        "meta": {},
                        "tainted": false
                    },
                    "deposed": [],
                    "provider": ""
                },
                "aws_route_table_association.natdc.2": {
                    "type": "aws_route_table_association",
                    "depends_on": [
                        "aws_route_table.natdc.*",
                        "aws_subnet.natdc.*"
                    ],
                    "primary": {
                        "id": "rtbassoc-3829e241",
                        "attributes": {
                            "id": "rtbassoc-3829e241",
                            "route_table_id": "rtb-b6e53ad0",
                            "subnet_id": "subnet-25d75741"
                        },
                        "meta": {},
                        "tainted": false
                    },
                    "deposed": [],
                    "provider": ""
                },
                "aws_route_table_association.private.0": {
                    "type": "aws_route_table_association",
                    "depends_on": [
                        "aws_route_table.private",
                        "aws_subnet.private"
                    ],
                    "primary": {
                        "id": "rtbassoc-0f8e956b",
                        "attributes": {
                            "id": "rtbassoc-0f8e956b",
                            "route_table_id": "rtb-f4096090",
                            "subnet_id": "subnet-27d75743"
                        },
                        "meta": {},
                        "tainted": false
                    },
                    "deposed": [],
                    "provider": ""
                },
                "aws_route_table_association.private.1": {
                    "type": "aws_route_table_association",
                    "depends_on": [
                        "aws_route_table.private",
                        "aws_subnet.private"
                    ],
                    "primary": {
                        "id": "rtbassoc-0e8e956a",
                        "attributes": {
                            "id": "rtbassoc-0e8e956a",
                            "route_table_id": "rtb-f4096090",
                            "subnet_id": "subnet-3320fb45"
                        },
                        "meta": {},
                        "tainted": false
                    },
                    "deposed": [],
                    "provider": ""
                },
                "aws_route_table_association.private.2": {
                    "type": "aws_route_table_association",
                    "depends_on": [
                        "aws_route_table.private",
                        "aws_subnet.private"
                    ],
                    "primary": {
                        "id": "rtbassoc-088e956c",
                        "attributes": {
                            "id": "rtbassoc-088e956c",
                            "route_table_id": "rtb-f4096090",
                            "subnet_id": "subnet-9a638ac2"
                        },
                        "meta": {},
                        "tainted": false
                    },
                    "deposed": [],
                    "provider": ""
                },
                "aws_route_table_association.public.0": {
                    "type": "aws_route_table_association",
                    "depends_on": [
                        "aws_route_table.public",
                        "aws_subnet.public"
                    ],
                    "primary": {
                        "id": "rtbassoc-0b8e956f",
                        "attributes": {
                            "id": "rtbassoc-0b8e956f",
                            "route_table_id": "rtb-f5096091",
                            "subnet_id": "subnet-20d75744"
                        },
                        "meta": {},
                        "tainted": false
                    },
                    "deposed": [],
                    "provider": ""
                },
                "aws_route_table_association.public.1": {
                    "type": "aws_route_table_association",
                    "depends_on": [
                        "aws_route_table.public",
                        "aws_subnet.public"
                    ],
                    "primary": {
                        "id": "rtbassoc-0a8e956e",
                        "attributes": {
                            "id": "rtbassoc-0a8e956e",
                            "route_table_id": "rtb-f5096091",
                            "subnet_id": "subnet-3020fb46"
                        },
                        "meta": {},
                        "tainted": false
                    },
                    "deposed": [],
                    "provider": ""
                },
                "aws_route_table_association.public.2": {
                    "type": "aws_route_table_association",
                    "depends_on": [
                        "aws_route_table.public",
                        "aws_subnet.public"
                    ],
                    "primary": {
                        "id": "rtbassoc-098e956d",
                        "attributes": {
                            "id": "rtbassoc-098e956d",
                            "route_table_id": "rtb-f5096091",
                            "subnet_id": "subnet-99638ac1"
                        },
                        "meta": {},
                        "tainted": false
                    },
                    "deposed": [],
                    "provider": ""
                },
                "aws_security_group.env_instance": {
                    "type": "aws_security_group",
                    "depends_on": [
                        "aws_vpc.main"
                    ],
                    "primary": {
                        "id": "sg-0626b57d",
                        "attributes": {
                            "description": "Empty SG for all instances within the evironment",
                            "egress.#": "0",
                            "id": "sg-0626b57d",
                            "ingress.#": "0",
                            "name": "infra-prod-instance",
                            "owner_id": "874979382819",
                            "tags.%": "5",
                            "tags.Name": "infra-prod-instance",
                            "tags.account_name": "jive-ps-prod",
                            "tags.pipeline_phase": "infra-prod",
                            "tags.region": "us-west-2",
                            "tags.sla": "prod",
                            "vpc_id": "vpc-5131b435"
                        },
                        "meta": {},
                        "tainted": false
                    },
                    "deposed": [],
                    "provider": ""
                },
                "aws_security_group.jive_phx_dc": {
                    "type": "aws_security_group",
                    "depends_on": [
                        "aws_vpc.main"
                    ],
                    "primary": {
                        "id": "sg-e6976680",
                        "attributes": {
                            "description": "Allow SSH and Ping from CIDRs within Jive PHX Data Center",
                            "egress.#": "1",
                            "egress.482069346.cidr_blocks.#": "1",
                            "egress.482069346.cidr_blocks.0": "0.0.0.0/0",
                            "egress.482069346.from_port": "0",
                            "egress.482069346.ipv6_cidr_blocks.#": "0",
                            "egress.482069346.prefix_list_ids.#": "0",
                            "egress.482069346.protocol": "-1",
                            "egress.482069346.security_groups.#": "0",
                            "egress.482069346.self": "false",
                            "egress.482069346.to_port": "0",
                            "id": "sg-e6976680",
                            "ingress.#": "2",
                            "ingress.179083333.cidr_blocks.#": "1",
                            "ingress.179083333.cidr_blocks.0": "10.0.0.0/8",
                            "ingress.179083333.from_port": "22",
                            "ingress.179083333.ipv6_cidr_blocks.#": "0",
                            "ingress.179083333.protocol": "tcp",
                            "ingress.179083333.security_groups.#": "0",
                            "ingress.179083333.self": "false",
                            "ingress.179083333.to_port": "22",
                            "ingress.3280021429.cidr_blocks.#": "1",
                            "ingress.3280021429.cidr_blocks.0": "10.0.0.0/8",
                            "ingress.3280021429.from_port": "8",
                            "ingress.3280021429.ipv6_cidr_blocks.#": "0",
                            "ingress.3280021429.protocol": "icmp",
                            "ingress.3280021429.security_groups.#": "0",
                            "ingress.3280021429.self": "false",
                            "ingress.3280021429.to_port": "0",
                            "name": "infra-prod-jive-phx-dc",
                            "owner_id": "874979382819",
                            "tags.%": "6",
                            "tags.Name": "infra-prod-jive-phx-dc",
                            "tags.account_name": "jive-ps-prod",
                            "tags.jive_service": "infrastructure",
                            "tags.pipeline_phase": "infra-prod",
                            "tags.region": "us-west-2",
                            "tags.sla": "prod",
                            "vpc_id": "vpc-5131b435"
                        },
                        "meta": {},
                        "tainted": false
                    },
                    "deposed": [],
                    "provider": ""
                },
                "aws_subnet.natdc.0": {
                    "type": "aws_subnet",
                    "depends_on": [
                        "aws_vpc.main"
                    ],
                    "primary": {
                        "id": "subnet-25d75741",
                        "attributes": {
                            "assign_ipv6_address_on_creation": "false",
                            "availability_zone": "us-west-2a",
                            "cidr_block": "10.127.60.0/27",
                            "id": "subnet-25d75741",
                            "map_public_ip_on_launch": "false",
                            "tags.%": "5",
                            "tags.Name": "infra-prod-natdc-subnet",
                            "tags.account_name": "jive-ps-prod",
                            "tags.pipeline_phase": "infra-prod",
                            "tags.region": "us-west-2",
                            "tags.sla": "prod",
                            "vpc_id": "vpc-5131b435"
                        },
                        "meta": {},
                        "tainted": false
                    },
                    "deposed": [],
                    "provider": ""
                },
                "aws_subnet.natdc.1": {
                    "type": "aws_subnet",
                    "depends_on": [
                        "aws_vpc.main"
                    ],
                    "primary": {
                        "id": "subnet-3220fb44",
                        "attributes": {
                            "assign_ipv6_address_on_creation": "false",
                            "availability_zone": "us-west-2b",
                            "cidr_block": "10.127.60.32/27",
                            "id": "subnet-3220fb44",
                            "map_public_ip_on_launch": "false",
                            "tags.%": "5",
                            "tags.Name": "infra-prod-natdc-subnet",
                            "tags.account_name": "jive-ps-prod",
                            "tags.pipeline_phase": "infra-prod",
                            "tags.region": "us-west-2",
                            "tags.sla": "prod",
                            "vpc_id": "vpc-5131b435"
                        },
                        "meta": {},
                        "tainted": false
                    },
                    "deposed": [],
                    "provider": ""
                },
                "aws_subnet.natdc.2": {
                    "type": "aws_subnet",
                    "depends_on": [
                        "aws_vpc.main"
                    ],
                    "primary": {
                        "id": "subnet-98638ac0",
                        "attributes": {
                            "assign_ipv6_address_on_creation": "false",
                            "availability_zone": "us-west-2c",
                            "cidr_block": "10.127.60.64/27",
                            "id": "subnet-98638ac0",
                            "map_public_ip_on_launch": "false",
                            "tags.%": "5",
                            "tags.Name": "infra-prod-natdc-subnet",
                            "tags.account_name": "jive-ps-prod",
                            "tags.pipeline_phase": "infra-prod",
                            "tags.region": "us-west-2",
                            "tags.sla": "prod",
                            "vpc_id": "vpc-5131b435"
                        },
                        "meta": {},
                        "tainted": false
                    },
                    "deposed": [],
                    "provider": ""
                },
                "aws_subnet.private.0": {
                    "type": "aws_subnet",
                    "depends_on": [
                        "aws_vpc.main"
                    ],
                    "primary": {
                        "id": "subnet-27d75743",
                        "attributes": {
                            "assign_ipv6_address_on_creation": "false",
                            "availability_zone": "us-west-2a",
                            "cidr_block": "10.127.60.192/28",
                            "id": "subnet-27d75743",
                            "map_public_ip_on_launch": "false",
                            "tags.%": "5",
                            "tags.Name": "infra-prod-private-subnet",
                            "tags.account_name": "jive-ps-prod",
                            "tags.pipeline_phase": "infra-prod",
                            "tags.region": "us-west-2",
                            "tags.sla": "prod",
                            "vpc_id": "vpc-5131b435"
                        },
                        "meta": {},
                        "tainted": false
                    },
                    "deposed": [],
                    "provider": ""
                },
                "aws_subnet.private.1": {
                    "type": "aws_subnet",
                    "depends_on": [
                        "aws_vpc.main"
                    ],
                    "primary": {
                        "id": "subnet-3320fb45",
                        "attributes": {
                            "assign_ipv6_address_on_creation": "false",
                            "availability_zone": "us-west-2b",
                            "cidr_block": "10.127.60.208/28",
                            "id": "subnet-3320fb45",
                            "map_public_ip_on_launch": "false",
                            "tags.%": "5",
                            "tags.Name": "infra-prod-private-subnet",
                            "tags.account_name": "jive-ps-prod",
                            "tags.pipeline_phase": "infra-prod",
                            "tags.region": "us-west-2",
                            "tags.sla": "prod",
                            "vpc_id": "vpc-5131b435"
                        },
                        "meta": {},
                        "tainted": false
                    },
                    "deposed": [],
                    "provider": ""
                },
                "aws_subnet.private.2": {
                    "type": "aws_subnet",
                    "depends_on": [
                        "aws_vpc.main"
                    ],
                    "primary": {
                        "id": "subnet-9a638ac2",
                        "attributes": {
                            "assign_ipv6_address_on_creation": "false",
                            "availability_zone": "us-west-2c",
                            "cidr_block": "10.127.60.224/28",
                            "id": "subnet-9a638ac2",
                            "map_public_ip_on_launch": "false",
                            "tags.%": "5",
                            "tags.Name": "infra-prod-private-subnet",
                            "tags.account_name": "jive-ps-prod",
                            "tags.pipeline_phase": "infra-prod",
                            "tags.region": "us-west-2",
                            "tags.sla": "prod",
                            "vpc_id": "vpc-5131b435"
                        },
                        "meta": {},
                        "tainted": false
                    },
                    "deposed": [],
                    "provider": ""
                },
                "aws_subnet.public.0": {
                    "type": "aws_subnet",
                    "depends_on": [
                        "aws_vpc.main"
                    ],
                    "primary": {
                        "id": "subnet-20d75744",
                        "attributes": {
                            "assign_ipv6_address_on_creation": "false",
                            "availability_zone": "us-west-2a",
                            "cidr_block": "10.127.60.96/27",
                            "id": "subnet-20d75744",
                            "map_public_ip_on_launch": "false",
                            "tags.%": "5",
                            "tags.Name": "infra-prod-public-subnet",
                            "tags.account_name": "jive-ps-prod",
                            "tags.pipeline_phase": "infra-prod",
                            "tags.region": "us-west-2",
                            "tags.sla": "prod",
                            "vpc_id": "vpc-5131b435"
                        },
                        "meta": {},
                        "tainted": false
                    },
                    "deposed": [],
                    "provider": ""
                },
                "aws_subnet.public.1": {
                    "type": "aws_subnet",
                    "depends_on": [
                        "aws_vpc.main"
                    ],
                    "primary": {
                        "id": "subnet-3020fb46",
                        "attributes": {
                            "assign_ipv6_address_on_creation": "false",
                            "availability_zone": "us-west-2b",
                            "cidr_block": "10.127.60.128/27",
                            "id": "subnet-3020fb46",
                            "map_public_ip_on_launch": "false",
                            "tags.%": "5",
                            "tags.Name": "infra-prod-public-subnet",
                            "tags.account_name": "jive-ps-prod",
                            "tags.pipeline_phase": "infra-prod",
                            "tags.region": "us-west-2",
                            "tags.sla": "prod",
                            "vpc_id": "vpc-5131b435"
                        },
                        "meta": {},
                        "tainted": false
                    },
                    "deposed": [],
                    "provider": ""
                },
                "aws_subnet.public.2": {
                    "type": "aws_subnet",
                    "depends_on": [
                        "aws_vpc.main"
                    ],
                    "primary": {
                        "id": "subnet-99638ac1",
                        "attributes": {
                            "assign_ipv6_address_on_creation": "false",
                            "availability_zone": "us-west-2c",
                            "cidr_block": "10.127.60.160/27",
                            "id": "subnet-99638ac1",
                            "map_public_ip_on_launch": "false",
                            "tags.%": "5",
                            "tags.Name": "infra-prod-public-subnet",
                            "tags.account_name": "jive-ps-prod",
                            "tags.pipeline_phase": "infra-prod",
                            "tags.region": "us-west-2",
                            "tags.sla": "prod",
                            "vpc_id": "vpc-5131b435"
                        },
                        "meta": {},
                        "tainted": false
                    },
                    "deposed": [],
                    "provider": ""
                },
                "aws_vpc.main": {
                    "type": "aws_vpc",
                    "depends_on": [],
                    "primary": {
                        "id": "vpc-5131b435",
                        "attributes": {
                            "assign_generated_ipv6_cidr_block": "false",
                            "cidr_block": "10.127.60.0/24",
                            "default_network_acl_id": "acl-dafe6ebe",
                            "default_route_table_id": "rtb-ee09608a",
                            "default_security_group_id": "sg-13976675",
                            "dhcp_options_id": "dopt-22320747",
                            "enable_classiclink": "false",
                            "enable_dns_hostnames": "true",
                            "enable_dns_support": "true",
                            "id": "vpc-5131b435",
                            "instance_tenancy": "default",
                            "main_route_table_id": "rtb-ee09608a",
                            "tags.%": "5",
                            "tags.Name": "infra-prod-vpc",
                            "tags.account_name": "jive-ps-prod",
                            "tags.pipeline_phase": "infra-prod",
                            "tags.region": "us-west-2",
                            "tags.sla": "prod"
                        },
                        "meta": {
                            "schema_version": "1"
                        },
                        "tainted": false
                    },
                    "deposed": [],
                    "provider": ""
                },
                "aws_vpn_gateway.vgw": {
                    "type": "aws_vpn_gateway",
                    "depends_on": [
                        "aws_vpc.main"
                    ],
                    "primary": {
                        "id": "vgw-31c8112f",
                        "attributes": {
                            "availability_zone": "",
                            "id": "vgw-31c8112f",
                            "tags.%": "7",
                            "tags.Name": "infra-prod-vgw",
                            "tags.account_name": "jive-ps-prod",
                            "tags.jive_service": "infrastructure",
                            "tags.pipeline_phase": "infra-prod",
                            "tags.region": "us-west-2",
                            "tags.service_component": "vpn_gateway",
                            "tags.sla": "prod",
                            "vpc_id": "vpc-5131b435"
                        },
                        "meta": {},
                        "tainted": false
                    },
                    "deposed": [],
                    "provider": ""
                },
                "data.template_file.bastion_user_data": {
                    "type": "template_file",
                    "depends_on": [
                        "aws_network_interface.bastion"
                    ],
                    "primary": {
                        "id": "3f7540eb2d433cd00ad9ef932880bdb864a65d3479bf17b99c31c3518b00d8a7",
                        "attributes": {
                            "id": "3f7540eb2d433cd00ad9ef932880bdb864a65d3479bf17b99c31c3518b00d8a7",
                            "rendered": "#!/bin/bash\n\ndeclare -r instance_id=$(curl -s http://169.254.169.254/latest/meta-data/instance-id)\ndeclare -r bi=10.127.60.7\ndeclare -r bastion_gw=\"${bi%.*}.1\"\n\nfunction_prep() {\n    # Get pip for awscli\n    yum install -y epel-release\n    yum install -y python-pip\n    pip install awscli\n}\n\nfunction_eni() {\n    # Attached the ENI to the Bastion instance\n    /usr/bin/aws ec2 attach-network-interface   --region us-west-2 \\\n                                                --network-interface-id eni-6614861c \\\n                                                --instance-id $instance_id \\\n                                                --device-index 1\n\n    # Give the ENI some time to get an IP and attach correctly\n    sleep 30\n}\n\nfunction_network() {\n    # Make eth1 the default route, set eth0 off, and set eth1 on, then restart the network\n    cat \u003c\u003cEOF \u003e /etc/sysconfig/network\nNETWORKING=yes\nNOZEROCONF=yes\nGATEWAY=$bastion_gw\nGATEWAYDEV=eth1\nEOF\n\n    cat \u003c\u003cEOF \u003e /etc/sysconfig/network-scripts/ifcfg-eth0\nDEVICE=\"eth0\"\nONBOOT=\"no\"\nEOF\n\n    cat \u003c\u003cEOF \u003e /etc/sysconfig/network-scripts/ifcfg-eth1\nDEVICE=eth1\nBOOTPROTO=static\nDHCPCLASS=\nIPADDR=10.127.60.7\nNETMASK=255.255.255.224\nONBOOT=yes\nEOF\n\n    systemctl restart network\n}\n\nfunction_nexus() {\n    # URL redirect fails without this entry\n    echo \"10.10.100.155 nexus-int.eng.jiveland.com\" \u003e\u003e /etc/hosts\n\n    # Script to download Ansible artifact from Nexus\n    cat \u003c\u003c'EOF' \u003e /tmp/get_nexus_artifact.sh\n#!/bin/bash\n# Argument = -h -v -i groupId:artifactId:version -c classifier -p packaging -r repository\n\n# Define Nexus Configuration\nNEXUS_BASE=nexus-int.eng.jiveland.com\nREST_PATH=/service/local\nART_REDIR=/artifact/maven/redirect\n\n# Read in Complete Set of Coordinates from the Command Line\nGROUP_ID=\nARTIFACT_ID=\nVERSION=\"LATEST\"\nCLASSIFIER=\"\"\nPACKAGING=tar.gz\nREPO=\"candidates\"\nVERBOSE=0\n\nwhile getopts \"hvi:c:p:\" OPTION\ndo\n     case $OPTION in\n         h)\n             usage\n             exit 1\n             ;;\n         i)\n\t     OIFS=$IFS\n             IFS=\":\"\n\t     GAV_COORD=( $OPTARG )\n\t     GROUP_ID=${GAV_COORD[0]}\n             ARTIFACT_ID=${GAV_COORD[1]}\n             VERSION=${GAV_COORD[2]}\n\t     IFS=$OIFS\n             ;;\n         c)\n             CLASSIFIER=$OPTARG\n             ;;\n         p)\n             PACKAGING=$OPTARG\n             ;;\n         v)\n             VERBOSE=1\n             ;;\n         ?)\n             usage\n             exit\n             ;;\n     esac\ndone\n\nif [[ -z $GROUP_ID ]] || [[ -z $ARTIFACT_ID ]] || [[ -z $VERSION ]]\nthen\n     echo \"BAD ARGUMENTS: Either groupId, artifactId, or version was not supplied\" \u003e\u00262\n     usage\n     exit 1\nfi\n\n# Construct the base URL\nREDIRECT_URL=${NEXUS_BASE}${REST_PATH}${ART_REDIR}\n\n# Generate the list of parameters\nPARAM_KEYS=( g a v r p c )\nPARAM_VALUES=( $GROUP_ID $ARTIFACT_ID $VERSION $REPO $PACKAGING $CLASSIFIER )\nPARAMS=\"\"\nfor index in ${!PARAM_KEYS[*]}\ndo\n  if [[ ${PARAM_VALUES[$index]} != \"\" ]]\n  then\n    PARAMS=\"${PARAMS}${PARAM_KEYS[$index]}=${PARAM_VALUES[$index]}\u0026\"\n  fi\ndone\n\nREDIRECT_URL=\"${REDIRECT_URL}?${PARAMS}\"\n\necho \"Fetching Artifact from $REDIRECT_URL...\" \u003e\u00262\ncurl -sS -L ${REDIRECT_URL}\nEOF\n    # Run script to download latest Ansible artifact and unpack\n    chmod +x /tmp/get_nexus_artifact.sh\n    /tmp/get_nexus_artifact.sh -i com.jivesoftware.techops:ansible-common:LATEST \u003e /tmp/ansible-common.tar.gz\n}\n\nfunction_ansible() {\n    # Need Sudo TTY\n    sed -i s/'Defaults    requiretty'/'#Defaults    requiretty'/ /etc/sudoers\n    # Disable SELINUX for SSSD\n    sed -i 's/^SELINUX=.*/SELINUX=disabled/' /etc/selinux/config\n    # Create Ansible working directories\n    mkdir -p /tmp/ansible-common\n    tar xf /tmp/ansible-common.tar.gz -C /tmp/ansible-common/\n    # Set Python to 2.6 and run Ansible locally\n    alternatives --set python /usr/bin/python2.6\n    yum install -y python-boto ansible\n\n    # Run Ansible\n    /tmp/ansible-common/bin/run_ansible.sh /tmp/ansible-common/playbook-bastion.yml -e region=us-west-2 --connection=local -i /tmp/ansible-common/inventory_ec2/ \u003e\u003e /tmp/ansible-common/ansible_debug.log\n\n    # Change permissions on Ansible artifact so that ansible deploy pipeline\n    # can overwrite them in the future\n    chown -R ansible:service-users /tmp/ansible-common /tmp/ansible-common.tar.gz\n}\n\nfunction_restart() {\n    # Need to restart for SELINUX change.\n    shutdown -r now\n}\n\n# Run the things\nfunction_prep\nfunction_eni\nfunction_network\nfunction_nexus\nfunction_ansible\nfunction_restart\n",
                            "template": "#!/bin/bash\n\ndeclare -r instance_id=$(curl -s http://169.254.169.254/latest/meta-data/instance-id)\ndeclare -r bi=${bastion_ip}\ndeclare -r bastion_gw=\"$${bi%.*}.1\"\n\nfunction_prep() {\n    # Get pip for awscli\n    yum install -y epel-release\n    yum install -y python-pip\n    pip install awscli\n}\n\nfunction_eni() {\n    # Attached the ENI to the Bastion instance\n    /usr/bin/aws ec2 attach-network-interface   --region ${region} \\\n                                                --network-interface-id ${eni} \\\n                                                --instance-id $instance_id \\\n                                                --device-index 1\n\n    # Give the ENI some time to get an IP and attach correctly\n    sleep 30\n}\n\nfunction_network() {\n    # Make eth1 the default route, set eth0 off, and set eth1 on, then restart the network\n    cat \u003c\u003cEOF \u003e /etc/sysconfig/network\nNETWORKING=yes\nNOZEROCONF=yes\nGATEWAY=$bastion_gw\nGATEWAYDEV=eth1\nEOF\n\n    cat \u003c\u003cEOF \u003e /etc/sysconfig/network-scripts/ifcfg-eth0\nDEVICE=\"eth0\"\nONBOOT=\"no\"\nEOF\n\n    cat \u003c\u003cEOF \u003e /etc/sysconfig/network-scripts/ifcfg-eth1\nDEVICE=eth1\nBOOTPROTO=static\nDHCPCLASS=\nIPADDR=${bastion_ip}\nNETMASK=255.255.255.224\nONBOOT=yes\nEOF\n\n    systemctl restart network\n}\n\nfunction_nexus() {\n    # URL redirect fails without this entry\n    echo \"10.10.100.155 nexus-int.eng.jiveland.com\" \u003e\u003e /etc/hosts\n\n    # Script to download Ansible artifact from Nexus\n    cat \u003c\u003c'EOF' \u003e /tmp/get_nexus_artifact.sh\n#!/bin/bash\n# Argument = -h -v -i groupId:artifactId:version -c classifier -p packaging -r repository\n\n# Define Nexus Configuration\nNEXUS_BASE=nexus-int.eng.jiveland.com\nREST_PATH=/service/local\nART_REDIR=/artifact/maven/redirect\n\n# Read in Complete Set of Coordinates from the Command Line\nGROUP_ID=\nARTIFACT_ID=\nVERSION=\"LATEST\"\nCLASSIFIER=\"\"\nPACKAGING=tar.gz\nREPO=\"candidates\"\nVERBOSE=0\n\nwhile getopts \"hvi:c:p:\" OPTION\ndo\n     case $OPTION in\n         h)\n             usage\n             exit 1\n             ;;\n         i)\n\t     OIFS=$IFS\n             IFS=\":\"\n\t     GAV_COORD=( $OPTARG )\n\t     GROUP_ID=$${GAV_COORD[0]}\n             ARTIFACT_ID=$${GAV_COORD[1]}\n             VERSION=$${GAV_COORD[2]}\n\t     IFS=$OIFS\n             ;;\n         c)\n             CLASSIFIER=$OPTARG\n             ;;\n         p)\n             PACKAGING=$OPTARG\n             ;;\n         v)\n             VERBOSE=1\n             ;;\n         ?)\n             usage\n             exit\n             ;;\n     esac\ndone\n\nif [[ -z $GROUP_ID ]] || [[ -z $ARTIFACT_ID ]] || [[ -z $VERSION ]]\nthen\n     echo \"BAD ARGUMENTS: Either groupId, artifactId, or version was not supplied\" \u003e\u00262\n     usage\n     exit 1\nfi\n\n# Construct the base URL\nREDIRECT_URL=$${NEXUS_BASE}$${REST_PATH}$${ART_REDIR}\n\n# Generate the list of parameters\nPARAM_KEYS=( g a v r p c )\nPARAM_VALUES=( $GROUP_ID $ARTIFACT_ID $VERSION $REPO $PACKAGING $CLASSIFIER )\nPARAMS=\"\"\nfor index in $${!PARAM_KEYS[*]}\ndo\n  if [[ $${PARAM_VALUES[$index]} != \"\" ]]\n  then\n    PARAMS=\"$${PARAMS}$${PARAM_KEYS[$index]}=$${PARAM_VALUES[$index]}\u0026\"\n  fi\ndone\n\nREDIRECT_URL=\"$${REDIRECT_URL}?$${PARAMS}\"\n\necho \"Fetching Artifact from $REDIRECT_URL...\" \u003e\u00262\ncurl -sS -L $${REDIRECT_URL}\nEOF\n    # Run script to download latest Ansible artifact and unpack\n    chmod +x /tmp/get_nexus_artifact.sh\n    /tmp/get_nexus_artifact.sh -i com.jivesoftware.techops:ansible-common:LATEST \u003e /tmp/ansible-common.tar.gz\n}\n\nfunction_ansible() {\n    # Need Sudo TTY\n    sed -i s/'Defaults    requiretty'/'#Defaults    requiretty'/ /etc/sudoers\n    # Disable SELINUX for SSSD\n    sed -i 's/^SELINUX=.*/SELINUX=disabled/' /etc/selinux/config\n    # Create Ansible working directories\n    mkdir -p /tmp/ansible-common\n    tar xf /tmp/ansible-common.tar.gz -C /tmp/ansible-common/\n    # Set Python to 2.6 and run Ansible locally\n    alternatives --set python /usr/bin/python2.6\n    yum install -y python-boto ansible\n\n    # Run Ansible\n    /tmp/ansible-common/bin/run_ansible.sh /tmp/ansible-common/playbook-bastion.yml -e region=${region} --connection=local -i /tmp/ansible-common/inventory_ec2/ \u003e\u003e /tmp/ansible-common/ansible_debug.log\n\n    # Change permissions on Ansible artifact so that ansible deploy pipeline\n    # can overwrite them in the future\n    chown -R ansible:service-users /tmp/ansible-common /tmp/ansible-common.tar.gz\n}\n\nfunction_restart() {\n    # Need to restart for SELINUX change.\n    shutdown -r now\n}\n\n# Run the things\nfunction_prep\nfunction_eni\nfunction_network\nfunction_nexus\nfunction_ansible\nfunction_restart\n",
                            "vars.%": "5",
                            "vars.account_name": "jive-ps-prod",
                            "vars.bastion_ip": "10.127.60.7",
                            "vars.eni": "eni-6614861c",
                            "vars.pipeline_phase": "infra-prod",
                            "vars.region": "us-west-2"
                        },
                        "meta": {},
                        "tainted": false
                    },
                    "deposed": [],
                    "provider": ""
                }
            },
            "depends_on": []
        }
    ]
}
