{
    "version": 3,
    "terraform_version": "0.9.2",
    "serial": 13,
    "lineage": "bcc68e18-4528-4e50-9a4d-3fe6bf09c450",
    "modules": [
        {
            "path": [
                "root"
            ],
            "outputs": {},
            "resources": {
                "aws_eip.natgw.0": {
                    "type": "aws_eip",
                    "depends_on": [],
                    "primary": {
                        "id": "eipalloc-82592be6",
                        "attributes": {
                            "association_id": "eipassoc-c26519f8",
                            "domain": "vpc",
                            "id": "eipalloc-82592be6",
                            "instance": "",
                            "network_interface": "eni-ce6f5ef4",
                            "private_ip": "10.126.151.7",
                            "public_ip": "52.39.31.0",
                            "vpc": "true"
                        },
                        "meta": {},
                        "tainted": false
                    },
                    "deposed": [],
                    "provider": ""
                },
                "aws_eip.natgw.1": {
                    "type": "aws_eip",
                    "depends_on": [],
                    "primary": {
                        "id": "eipalloc-8fff67b5",
                        "attributes": {
                            "association_id": "eipassoc-f06418ca",
                            "domain": "vpc",
                            "id": "eipalloc-8fff67b5",
                            "instance": "",
                            "network_interface": "eni-2f514007",
                            "private_ip": "10.126.151.47",
                            "public_ip": "54.69.238.19",
                            "vpc": "true"
                        },
                        "meta": {},
                        "tainted": false
                    },
                    "deposed": [],
                    "provider": ""
                },
                "aws_eip.natgw.2": {
                    "type": "aws_eip",
                    "depends_on": [],
                    "primary": {
                        "id": "eipalloc-b6fe668c",
                        "attributes": {
                            "association_id": "eipassoc-a168149b",
                            "domain": "vpc",
                            "id": "eipalloc-b6fe668c",
                            "instance": "",
                            "network_interface": "eni-49602445",
                            "private_ip": "10.126.151.90",
                            "public_ip": "34.209.107.198",
                            "vpc": "true"
                        },
                        "meta": {},
                        "tainted": false
                    },
                    "deposed": [],
                    "provider": ""
                },
                "aws_internet_gateway.igw": {
                    "type": "aws_internet_gateway",
                    "depends_on": [
                        "aws_vpc.main"
                    ],
                    "primary": {
                        "id": "igw-a6c8c1c3",
                        "attributes": {
                            "id": "igw-a6c8c1c3",
                            "tags.%": "5",
                            "tags.Name": "test-igw",
                            "tags.account_name": "jive-ps-pipeline",
                            "tags.pipeline_phase": "test",
                            "tags.region": "us-west-2",
                            "tags.sla": "non-prod",
                            "vpc_id": "vpc-b05fe4d4"
                        },
                        "meta": {},
                        "tainted": false
                    },
                    "deposed": [],
                    "provider": ""
                },
                "aws_nat_gateway.natgw.0": {
                    "type": "aws_nat_gateway",
                    "depends_on": [
                        "aws_eip.natgw.*",
                        "aws_internet_gateway.igw",
                        "aws_subnet.public.*"
                    ],
                    "primary": {
                        "id": "nat-0dc2c301940e6d7a8",
                        "attributes": {
                            "allocation_id": "eipalloc-82592be6",
                            "id": "nat-0dc2c301940e6d7a8",
                            "network_interface_id": "eni-ce6f5ef4",
                            "private_ip": "10.126.151.7",
                            "public_ip": "52.39.31.0",
                            "subnet_id": "subnet-c10cd5b7"
                        },
                        "meta": {},
                        "tainted": false
                    },
                    "deposed": [],
                    "provider": ""
                },
                "aws_nat_gateway.natgw.1": {
                    "type": "aws_nat_gateway",
                    "depends_on": [
                        "aws_eip.natgw.*",
                        "aws_internet_gateway.igw",
                        "aws_subnet.public.*"
                    ],
                    "primary": {
                        "id": "nat-0404a49353ac56aa6",
                        "attributes": {
                            "allocation_id": "eipalloc-8fff67b5",
                            "id": "nat-0404a49353ac56aa6",
                            "network_interface_id": "eni-2f514007",
                            "private_ip": "10.126.151.47",
                            "public_ip": "54.69.238.19",
                            "subnet_id": "subnet-1f1e997b"
                        },
                        "meta": {},
                        "tainted": false
                    },
                    "deposed": [],
                    "provider": ""
                },
                "aws_nat_gateway.natgw.2": {
                    "type": "aws_nat_gateway",
                    "depends_on": [
                        "aws_eip.natgw.*",
                        "aws_internet_gateway.igw",
                        "aws_subnet.public.*"
                    ],
                    "primary": {
                        "id": "nat-07c9a669f5f5e2609",
                        "attributes": {
                            "allocation_id": "eipalloc-b6fe668c",
                            "id": "nat-07c9a669f5f5e2609",
                            "network_interface_id": "eni-49602445",
                            "private_ip": "10.126.151.90",
                            "public_ip": "34.209.107.198",
                            "subnet_id": "subnet-b441aeec"
                        },
                        "meta": {},
                        "tainted": false
                    },
                    "deposed": [],
                    "provider": ""
                },
                "aws_route.bastion_natdc.0": {
                    "type": "aws_route",
                    "depends_on": [
                        "aws_route_table.natdc.*",
                        "aws_vpc_peering_connection.infra"
                    ],
                    "primary": {
                        "id": "r-rtb-02aac6663453090714",
                        "attributes": {
                            "destination_cidr_block": "10.127.57.7/32",
                            "destination_prefix_list_id": "",
                            "egress_only_gateway_id": "",
                            "gateway_id": "",
                            "id": "r-rtb-02aac6663453090714",
                            "instance_id": "",
                            "instance_owner_id": "",
                            "nat_gateway_id": "",
                            "network_interface_id": "",
                            "origin": "CreateRoute",
                            "route_table_id": "rtb-02aac666",
                            "state": "active",
                            "vpc_peering_connection_id": "pcx-efeb5f86"
                        },
                        "meta": {},
                        "tainted": false
                    },
                    "deposed": [],
                    "provider": ""
                },
                "aws_route.bastion_natdc.1": {
                    "type": "aws_route",
                    "depends_on": [
                        "aws_route_table.natdc.*",
                        "aws_vpc_peering_connection.infra"
                    ],
                    "primary": {
                        "id": "r-rtb-952cf3f33453090714",
                        "attributes": {
                            "destination_cidr_block": "10.127.57.7/32",
                            "destination_prefix_list_id": "",
                            "egress_only_gateway_id": "",
                            "gateway_id": "",
                            "id": "r-rtb-952cf3f33453090714",
                            "instance_id": "",
                            "instance_owner_id": "",
                            "nat_gateway_id": "",
                            "network_interface_id": "",
                            "origin": "CreateRoute",
                            "route_table_id": "rtb-952cf3f3",
                            "state": "active",
                            "vpc_peering_connection_id": "pcx-efeb5f86"
                        },
                        "meta": {},
                        "tainted": false
                    },
                    "deposed": [],
                    "provider": ""
                },
                "aws_route.bastion_natdc.2": {
                    "type": "aws_route",
                    "depends_on": [
                        "aws_route_table.natdc.*",
                        "aws_vpc_peering_connection.infra"
                    ],
                    "primary": {
                        "id": "r-rtb-722df2143453090714",
                        "attributes": {
                            "destination_cidr_block": "10.127.57.7/32",
                            "destination_prefix_list_id": "",
                            "egress_only_gateway_id": "",
                            "gateway_id": "",
                            "id": "r-rtb-722df2143453090714",
                            "instance_id": "",
                            "instance_owner_id": "",
                            "nat_gateway_id": "",
                            "network_interface_id": "",
                            "origin": "CreateRoute",
                            "route_table_id": "rtb-722df214",
                            "state": "active",
                            "vpc_peering_connection_id": "pcx-efeb5f86"
                        },
                        "meta": {},
                        "tainted": false
                    },
                    "deposed": [],
                    "provider": ""
                },
                "aws_route.bastion_private": {
                    "type": "aws_route",
                    "depends_on": [
                        "aws_route_table.private",
                        "aws_vpc_peering_connection.infra"
                    ],
                    "primary": {
                        "id": "r-rtb-f9a9c59d3453090714",
                        "attributes": {
                            "destination_cidr_block": "10.127.57.7/32",
                            "destination_prefix_list_id": "",
                            "egress_only_gateway_id": "",
                            "gateway_id": "",
                            "id": "r-rtb-f9a9c59d3453090714",
                            "instance_id": "",
                            "instance_owner_id": "",
                            "nat_gateway_id": "",
                            "network_interface_id": "",
                            "origin": "CreateRoute",
                            "route_table_id": "rtb-f9a9c59d",
                            "state": "active",
                            "vpc_peering_connection_id": "pcx-efeb5f86"
                        },
                        "meta": {},
                        "tainted": false
                    },
                    "deposed": [],
                    "provider": ""
                },
                "aws_route.bastion_public": {
                    "type": "aws_route",
                    "depends_on": [
                        "aws_route_table.public",
                        "aws_vpc_peering_connection.infra"
                    ],
                    "primary": {
                        "id": "r-rtb-faa9c59e3453090714",
                        "attributes": {
                            "destination_cidr_block": "10.127.57.7/32",
                            "destination_prefix_list_id": "",
                            "egress_only_gateway_id": "",
                            "gateway_id": "",
                            "id": "r-rtb-faa9c59e3453090714",
                            "instance_id": "",
                            "instance_owner_id": "",
                            "nat_gateway_id": "",
                            "network_interface_id": "",
                            "origin": "CreateRoute",
                            "route_table_id": "rtb-faa9c59e",
                            "state": "active",
                            "vpc_peering_connection_id": "pcx-efeb5f86"
                        },
                        "meta": {},
                        "tainted": false
                    },
                    "deposed": [],
                    "provider": ""
                },
                "aws_route.infra_natdc.0": {
                    "type": "aws_route",
                    "depends_on": [
                        "aws_vpc_peering_connection.infra"
                    ],
                    "primary": {
                        "id": "r-rtb-c1b8d5a54120601437",
                        "attributes": {
                            "destination_cidr_block": "10.126.148.0/22",
                            "destination_prefix_list_id": "",
                            "egress_only_gateway_id": "",
                            "gateway_id": "",
                            "id": "r-rtb-c1b8d5a54120601437",
                            "instance_id": "",
                            "instance_owner_id": "",
                            "nat_gateway_id": "",
                            "network_interface_id": "",
                            "origin": "CreateRoute",
                            "route_table_id": "rtb-c1b8d5a5",
                            "state": "active",
                            "vpc_peering_connection_id": "pcx-efeb5f86"
                        },
                        "meta": {},
                        "tainted": false
                    },
                    "deposed": [],
                    "provider": ""
                },
                "aws_route.infra_natdc.1": {
                    "type": "aws_route",
                    "depends_on": [
                        "aws_vpc_peering_connection.infra"
                    ],
                    "primary": {
                        "id": "r-rtb-7030ef164120601437",
                        "attributes": {
                            "destination_cidr_block": "10.126.148.0/22",
                            "destination_prefix_list_id": "",
                            "egress_only_gateway_id": "",
                            "gateway_id": "",
                            "id": "r-rtb-7030ef164120601437",
                            "instance_id": "",
                            "instance_owner_id": "",
                            "nat_gateway_id": "",
                            "network_interface_id": "",
                            "origin": "CreateRoute",
                            "route_table_id": "rtb-7030ef16",
                            "state": "active",
                            "vpc_peering_connection_id": "pcx-efeb5f86"
                        },
                        "meta": {},
                        "tainted": false
                    },
                    "deposed": [],
                    "provider": ""
                },
                "aws_route.infra_natdc.2": {
                    "type": "aws_route",
                    "depends_on": [
                        "aws_vpc_peering_connection.infra"
                    ],
                    "primary": {
                        "id": "r-rtb-7130ef174120601437",
                        "attributes": {
                            "destination_cidr_block": "10.126.148.0/22",
                            "destination_prefix_list_id": "",
                            "egress_only_gateway_id": "",
                            "gateway_id": "",
                            "id": "r-rtb-7130ef174120601437",
                            "instance_id": "",
                            "instance_owner_id": "",
                            "nat_gateway_id": "",
                            "network_interface_id": "",
                            "origin": "CreateRoute",
                            "route_table_id": "rtb-7130ef17",
                            "state": "active",
                            "vpc_peering_connection_id": "pcx-efeb5f86"
                        },
                        "meta": {},
                        "tainted": false
                    },
                    "deposed": [],
                    "provider": ""
                },
                "aws_route.infra_private": {
                    "type": "aws_route",
                    "depends_on": [
                        "aws_vpc_peering_connection.infra"
                    ],
                    "primary": {
                        "id": "r-rtb-aeb9d4ca4120601437",
                        "attributes": {
                            "destination_cidr_block": "10.126.148.0/22",
                            "destination_prefix_list_id": "",
                            "egress_only_gateway_id": "",
                            "gateway_id": "",
                            "id": "r-rtb-aeb9d4ca4120601437",
                            "instance_id": "",
                            "instance_owner_id": "",
                            "nat_gateway_id": "",
                            "network_interface_id": "",
                            "origin": "CreateRoute",
                            "route_table_id": "rtb-aeb9d4ca",
                            "state": "active",
                            "vpc_peering_connection_id": "pcx-efeb5f86"
                        },
                        "meta": {},
                        "tainted": false
                    },
                    "deposed": [],
                    "provider": ""
                },
                "aws_route.infra_public": {
                    "type": "aws_route",
                    "depends_on": [
                        "aws_vpc_peering_connection.infra"
                    ],
                    "primary": {
                        "id": "r-rtb-abb9d4cf4120601437",
                        "attributes": {
                            "destination_cidr_block": "10.126.148.0/22",
                            "destination_prefix_list_id": "",
                            "egress_only_gateway_id": "",
                            "gateway_id": "",
                            "id": "r-rtb-abb9d4cf4120601437",
                            "instance_id": "",
                            "instance_owner_id": "",
                            "nat_gateway_id": "",
                            "network_interface_id": "",
                            "origin": "CreateRoute",
                            "route_table_id": "rtb-abb9d4cf",
                            "state": "active",
                            "vpc_peering_connection_id": "pcx-efeb5f86"
                        },
                        "meta": {},
                        "tainted": false
                    },
                    "deposed": [],
                    "provider": ""
                },
                "aws_route53_zone_association.route53": {
                    "type": "aws_route53_zone_association",
                    "depends_on": [
                        "aws_vpc.main"
                    ],
                    "primary": {
                        "id": "Z1ECOPBZVMCE0L:vpc-b05fe4d4",
                        "attributes": {
                            "id": "Z1ECOPBZVMCE0L:vpc-b05fe4d4",
                            "vpc_id": "vpc-b05fe4d4",
                            "vpc_region": "us-west-2",
                            "zone_id": "Z1ECOPBZVMCE0L"
                        },
                        "meta": {},
                        "tainted": false
                    },
                    "deposed": [],
                    "provider": ""
                },
                "aws_route_table.natdc.0": {
                    "type": "aws_route_table",
                    "depends_on": [
                        "aws_nat_gateway.natgw",
                        "aws_vpc.main",
                        "aws_vpn_gateway.vgw"
                    ],
                    "primary": {
                        "id": "rtb-02aac666",
                        "attributes": {
                            "id": "rtb-02aac666",
                            "propagating_vgws.#": "1",
                            "propagating_vgws.1659232224": "vgw-c2d40ddc",
                            "route.#": "2",
                            "route.3572946127.cidr_block": "0.0.0.0/0",
                            "route.3572946127.egress_only_gateway_id": "",
                            "route.3572946127.gateway_id": "",
                            "route.3572946127.instance_id": "",
                            "route.3572946127.ipv6_cidr_block": "",
                            "route.3572946127.nat_gateway_id": "nat-0404a49353ac56aa6",
                            "route.3572946127.network_interface_id": "",
                            "route.3572946127.vpc_peering_connection_id": "",
                            "route.4039291072.cidr_block": "10.127.57.7/32",
                            "route.4039291072.egress_only_gateway_id": "",
                            "route.4039291072.gateway_id": "",
                            "route.4039291072.instance_id": "",
                            "route.4039291072.ipv6_cidr_block": "",
                            "route.4039291072.nat_gateway_id": "",
                            "route.4039291072.network_interface_id": "",
                            "route.4039291072.vpc_peering_connection_id": "pcx-efeb5f86",
                            "tags.%": "5",
                            "tags.Name": "test-natdc-routetable",
                            "tags.account_name": "jive-ps-pipeline",
                            "tags.pipeline_phase": "test",
                            "tags.region": "us-west-2",
                            "tags.sla": "non-prod",
                            "vpc_id": "vpc-b05fe4d4"
                        },
                        "meta": {},
                        "tainted": false
                    },
                    "deposed": [],
                    "provider": ""
                },
                "aws_route_table.natdc.1": {
                    "type": "aws_route_table",
                    "depends_on": [
                        "aws_nat_gateway.natgw.*",
                        "aws_vpc.main",
                        "aws_vpn_gateway.vgw"
                    ],
                    "primary": {
                        "id": "rtb-952cf3f3",
                        "attributes": {
                            "id": "rtb-952cf3f3",
                            "propagating_vgws.#": "1",
                            "propagating_vgws.1659232224": "vgw-c2d40ddc",
                            "route.#": "2",
                            "route.3572946127.cidr_block": "0.0.0.0/0",
                            "route.3572946127.egress_only_gateway_id": "",
                            "route.3572946127.gateway_id": "",
                            "route.3572946127.instance_id": "",
                            "route.3572946127.ipv6_cidr_block": "",
                            "route.3572946127.nat_gateway_id": "nat-0404a49353ac56aa6",
                            "route.3572946127.network_interface_id": "",
                            "route.3572946127.vpc_peering_connection_id": "",
                            "route.4039291072.cidr_block": "10.127.57.7/32",
                            "route.4039291072.egress_only_gateway_id": "",
                            "route.4039291072.gateway_id": "",
                            "route.4039291072.instance_id": "",
                            "route.4039291072.ipv6_cidr_block": "",
                            "route.4039291072.nat_gateway_id": "",
                            "route.4039291072.network_interface_id": "",
                            "route.4039291072.vpc_peering_connection_id": "pcx-efeb5f86",
                            "tags.%": "5",
                            "tags.Name": "test-natdc-routetable",
                            "tags.account_name": "jive-ps-pipeline",
                            "tags.pipeline_phase": "test",
                            "tags.region": "us-west-2",
                            "tags.sla": "non-prod",
                            "vpc_id": "vpc-b05fe4d4"
                        },
                        "meta": {},
                        "tainted": false
                    },
                    "deposed": [],
                    "provider": ""
                },
                "aws_route_table.natdc.2": {
                    "type": "aws_route_table",
                    "depends_on": [
                        "aws_nat_gateway.natgw.*",
                        "aws_vpc.main",
                        "aws_vpn_gateway.vgw"
                    ],
                    "primary": {
                        "id": "rtb-722df214",
                        "attributes": {
                            "id": "rtb-722df214",
                            "propagating_vgws.#": "1",
                            "propagating_vgws.1659232224": "vgw-c2d40ddc",
                            "route.#": "2",
                            "route.1926044578.cidr_block": "0.0.0.0/0",
                            "route.1926044578.egress_only_gateway_id": "",
                            "route.1926044578.gateway_id": "",
                            "route.1926044578.instance_id": "",
                            "route.1926044578.ipv6_cidr_block": "",
                            "route.1926044578.nat_gateway_id": "nat-07c9a669f5f5e2609",
                            "route.1926044578.network_interface_id": "",
                            "route.1926044578.vpc_peering_connection_id": "",
                            "route.4039291072.cidr_block": "10.127.57.7/32",
                            "route.4039291072.egress_only_gateway_id": "",
                            "route.4039291072.gateway_id": "",
                            "route.4039291072.instance_id": "",
                            "route.4039291072.ipv6_cidr_block": "",
                            "route.4039291072.nat_gateway_id": "",
                            "route.4039291072.network_interface_id": "",
                            "route.4039291072.vpc_peering_connection_id": "pcx-efeb5f86",
                            "tags.%": "5",
                            "tags.Name": "test-natdc-routetable",
                            "tags.account_name": "jive-ps-pipeline",
                            "tags.pipeline_phase": "test",
                            "tags.region": "us-west-2",
                            "tags.sla": "non-prod",
                            "vpc_id": "vpc-b05fe4d4"
                        },
                        "meta": {},
                        "tainted": false
                    },
                    "deposed": [],
                    "provider": ""
                },
                "aws_route_table.private": {
                    "type": "aws_route_table",
                    "depends_on": [
                        "aws_vpc.main"
                    ],
                    "primary": {
                        "id": "rtb-f9a9c59d",
                        "attributes": {
                            "id": "rtb-f9a9c59d",
                            "propagating_vgws.#": "0",
                            "route.#": "1",
                            "route.4039291072.cidr_block": "10.127.57.7/32",
                            "route.4039291072.egress_only_gateway_id": "",
                            "route.4039291072.gateway_id": "",
                            "route.4039291072.instance_id": "",
                            "route.4039291072.ipv6_cidr_block": "",
                            "route.4039291072.nat_gateway_id": "",
                            "route.4039291072.network_interface_id": "",
                            "route.4039291072.vpc_peering_connection_id": "pcx-efeb5f86",
                            "tags.%": "5",
                            "tags.Name": "test-private-routetable",
                            "tags.account_name": "jive-ps-pipeline",
                            "tags.pipeline_phase": "test",
                            "tags.region": "us-west-2",
                            "tags.sla": "non-prod",
                            "vpc_id": "vpc-b05fe4d4"
                        },
                        "meta": {},
                        "tainted": false
                    },
                    "deposed": [],
                    "provider": ""
                },
                "aws_route_table.public": {
                    "type": "aws_route_table",
                    "depends_on": [
                        "aws_internet_gateway.igw",
                        "aws_vpc.main"
                    ],
                    "primary": {
                        "id": "rtb-faa9c59e",
                        "attributes": {
                            "id": "rtb-faa9c59e",
                            "propagating_vgws.#": "0",
                            "route.#": "2",
                            "route.4039291072.cidr_block": "10.127.57.7/32",
                            "route.4039291072.egress_only_gateway_id": "",
                            "route.4039291072.gateway_id": "",
                            "route.4039291072.instance_id": "",
                            "route.4039291072.ipv6_cidr_block": "",
                            "route.4039291072.nat_gateway_id": "",
                            "route.4039291072.network_interface_id": "",
                            "route.4039291072.vpc_peering_connection_id": "pcx-efeb5f86",
                            "route.625942451.cidr_block": "0.0.0.0/0",
                            "route.625942451.egress_only_gateway_id": "",
                            "route.625942451.gateway_id": "igw-a6c8c1c3",
                            "route.625942451.instance_id": "",
                            "route.625942451.ipv6_cidr_block": "",
                            "route.625942451.nat_gateway_id": "",
                            "route.625942451.network_interface_id": "",
                            "route.625942451.vpc_peering_connection_id": "",
                            "tags.%": "6",
                            "tags.KubernetesCluster": "us-west-2_jive-ps-pipeline",
                            "tags.Name": "test-public-routetable",
                            "tags.account_name": "jive-ps-pipeline",
                            "tags.pipeline_phase": "test",
                            "tags.region": "us-west-2",
                            "tags.sla": "non-prod",
                            "vpc_id": "vpc-b05fe4d4"
                        },
                        "meta": {},
                        "tainted": false
                    },
                    "deposed": [],
                    "provider": ""
                },
                "aws_route_table_association.natdc.0": {
                    "type": "aws_route_table_association",
                    "depends_on": [
                        "aws_route_table.natdc.*",
                        "aws_subnet.natdc.*"
                    ],
                    "primary": {
                        "id": "rtbassoc-b9637ddd",
                        "attributes": {
                            "id": "rtbassoc-b9637ddd",
                            "route_table_id": "rtb-02aac666",
                            "subnet_id": "subnet-181e997c"
                        },
                        "meta": {},
                        "tainted": false
                    },
                    "deposed": [],
                    "provider": ""
                },
                "aws_route_table_association.natdc.1": {
                    "type": "aws_route_table_association",
                    "depends_on": [
                        "aws_route_table.natdc.*",
                        "aws_subnet.natdc.*"
                    ],
                    "primary": {
                        "id": "rtbassoc-4164af38",
                        "attributes": {
                            "id": "rtbassoc-4164af38",
                            "route_table_id": "rtb-952cf3f3",
                            "subnet_id": "subnet-b741aeef"
                        },
                        "meta": {},
                        "tainted": false
                    },
                    "deposed": [],
                    "provider": ""
                },
                "aws_route_table_association.natdc.2": {
                    "type": "aws_route_table_association",
                    "depends_on": [
                        "aws_route_table.natdc.*",
                        "aws_subnet.natdc.*"
                    ],
                    "primary": {
                        "id": "rtbassoc-9079b2e9",
                        "attributes": {
                            "id": "rtbassoc-9079b2e9",
                            "route_table_id": "rtb-722df214",
                            "subnet_id": "subnet-ce0cd5b8"
                        },
                        "meta": {},
                        "tainted": false
                    },
                    "deposed": [],
                    "provider": ""
                },
                "aws_route_table_association.private.0": {
                    "type": "aws_route_table_association",
                    "depends_on": [
                        "aws_route_table.private",
                        "aws_subnet.private"
                    ],
                    "primary": {
                        "id": "rtbassoc-28627c4c",
                        "attributes": {
                            "id": "rtbassoc-28627c4c",
                            "route_table_id": "rtb-f9a9c59d",
                            "subnet_id": "subnet-c00cd5b6"
                        },
                        "meta": {},
                        "tainted": false
                    },
                    "deposed": [],
                    "provider": ""
                },
                "aws_route_table_association.private.1": {
                    "type": "aws_route_table_association",
                    "depends_on": [
                        "aws_route_table.private",
                        "aws_subnet.private"
                    ],
                    "primary": {
                        "id": "rtbassoc-2e627c4a",
                        "attributes": {
                            "id": "rtbassoc-2e627c4a",
                            "route_table_id": "rtb-f9a9c59d",
                            "subnet_id": "subnet-1e1e997a"
                        },
                        "meta": {},
                        "tainted": false
                    },
                    "deposed": [],
                    "provider": ""
                },
                "aws_route_table_association.private.2": {
                    "type": "aws_route_table_association",
                    "depends_on": [
                        "aws_route_table.private",
                        "aws_subnet.private"
                    ],
                    "primary": {
                        "id": "rtbassoc-2f627c4b",
                        "attributes": {
                            "id": "rtbassoc-2f627c4b",
                            "route_table_id": "rtb-f9a9c59d",
                            "subnet_id": "subnet-b641aeee"
                        },
                        "meta": {},
                        "tainted": false
                    },
                    "deposed": [],
                    "provider": ""
                },
                "aws_route_table_association.public.0": {
                    "type": "aws_route_table_association",
                    "depends_on": [
                        "aws_route_table.public",
                        "aws_subnet.public"
                    ],
                    "primary": {
                        "id": "rtbassoc-29627c4d",
                        "attributes": {
                            "id": "rtbassoc-29627c4d",
                            "route_table_id": "rtb-faa9c59e",
                            "subnet_id": "subnet-c10cd5b7"
                        },
                        "meta": {},
                        "tainted": false
                    },
                    "deposed": [],
                    "provider": ""
                },
                "aws_route_table_association.public.1": {
                    "type": "aws_route_table_association",
                    "depends_on": [
                        "aws_route_table.public",
                        "aws_subnet.public"
                    ],
                    "primary": {
                        "id": "rtbassoc-2b627c4f",
                        "attributes": {
                            "id": "rtbassoc-2b627c4f",
                            "route_table_id": "rtb-faa9c59e",
                            "subnet_id": "subnet-1f1e997b"
                        },
                        "meta": {},
                        "tainted": false
                    },
                    "deposed": [],
                    "provider": ""
                },
                "aws_route_table_association.public.2": {
                    "type": "aws_route_table_association",
                    "depends_on": [
                        "aws_route_table.public",
                        "aws_subnet.public"
                    ],
                    "primary": {
                        "id": "rtbassoc-2a627c4e",
                        "attributes": {
                            "id": "rtbassoc-2a627c4e",
                            "route_table_id": "rtb-faa9c59e",
                            "subnet_id": "subnet-b441aeec"
                        },
                        "meta": {},
                        "tainted": false
                    },
                    "deposed": [],
                    "provider": ""
                },
                "aws_security_group.admin_instance": {
                    "type": "aws_security_group",
                    "depends_on": [
                        "aws_vpc.main"
                    ],
                    "primary": {
                        "id": "sg-4c846e2a",
                        "attributes": {
                            "description": "Admin instances for the VPC",
                            "egress.#": "0",
                            "id": "sg-4c846e2a",
                            "ingress.#": "0",
                            "name": "test-admin-instance",
                            "owner_id": "044571148504",
                            "tags.%": "5",
                            "tags.Name": "test-admin-instance",
                            "tags.account_name": "jive-ps-pipeline",
                            "tags.pipeline_phase": "test",
                            "tags.region": "us-west-2",
                            "tags.sla": "non-prod",
                            "vpc_id": "vpc-b05fe4d4"
                        },
                        "meta": {},
                        "tainted": false
                    },
                    "deposed": [],
                    "provider": ""
                },
                "aws_security_group.env_instance": {
                    "type": "aws_security_group",
                    "depends_on": [
                        "aws_vpc.main",
                        "data.aws_security_group.bastion"
                    ],
                    "primary": {
                        "id": "sg-48846e2e",
                        "attributes": {
                            "description": "All instances within the evironment",
                            "egress.#": "1",
                            "egress.482069346.cidr_blocks.#": "1",
                            "egress.482069346.cidr_blocks.0": "0.0.0.0/0",
                            "egress.482069346.from_port": "0",
                            "egress.482069346.ipv6_cidr_blocks.#": "0",
                            "egress.482069346.prefix_list_ids.#": "0",
                            "egress.482069346.protocol": "-1",
                            "egress.482069346.security_groups.#": "0",
                            "egress.482069346.self": "false",
                            "egress.482069346.to_port": "0",
                            "id": "sg-48846e2e",
                            "ingress.#": "3",
                            "ingress.1408676108.cidr_blocks.#": "0",
                            "ingress.1408676108.from_port": "8",
                            "ingress.1408676108.ipv6_cidr_blocks.#": "0",
                            "ingress.1408676108.protocol": "icmp",
                            "ingress.1408676108.security_groups.#": "1",
                            "ingress.1408676108.security_groups.3637775347": "sg-33c52d55",
                            "ingress.1408676108.self": "false",
                            "ingress.1408676108.to_port": "0",
                            "ingress.3280021429.cidr_blocks.#": "1",
                            "ingress.3280021429.cidr_blocks.0": "10.0.0.0/8",
                            "ingress.3280021429.from_port": "8",
                            "ingress.3280021429.ipv6_cidr_blocks.#": "0",
                            "ingress.3280021429.protocol": "icmp",
                            "ingress.3280021429.security_groups.#": "0",
                            "ingress.3280021429.self": "false",
                            "ingress.3280021429.to_port": "0",
                            "ingress.4001525423.cidr_blocks.#": "0",
                            "ingress.4001525423.from_port": "22",
                            "ingress.4001525423.ipv6_cidr_blocks.#": "0",
                            "ingress.4001525423.protocol": "tcp",
                            "ingress.4001525423.security_groups.#": "1",
                            "ingress.4001525423.security_groups.3637775347": "sg-33c52d55",
                            "ingress.4001525423.self": "false",
                            "ingress.4001525423.to_port": "22",
                            "name": "test-instance",
                            "owner_id": "044571148504",
                            "tags.%": "5",
                            "tags.Name": "test-instance",
                            "tags.account_name": "jive-ps-pipeline",
                            "tags.pipeline_phase": "test",
                            "tags.region": "us-west-2",
                            "tags.sla": "non-prod",
                            "vpc_id": "vpc-b05fe4d4"
                        },
                        "meta": {},
                        "tainted": false
                    },
                    "deposed": [],
                    "provider": ""
                },
                "aws_security_group.natgw_instance": {
                    "type": "aws_security_group",
                    "depends_on": [
                        "aws_security_group.env_instance",
                        "aws_vpc.main"
                    ],
                    "primary": {
                        "id": "sg-54846e32",
                        "attributes": {
                            "description": "Members of this SG are allowed to send any type of traffic to the NAT Box.",
                            "egress.#": "0",
                            "id": "sg-54846e32",
                            "ingress.#": "1",
                            "ingress.2358526314.cidr_blocks.#": "0",
                            "ingress.2358526314.from_port": "0",
                            "ingress.2358526314.ipv6_cidr_blocks.#": "0",
                            "ingress.2358526314.protocol": "-1",
                            "ingress.2358526314.security_groups.#": "1",
                            "ingress.2358526314.security_groups.565558727": "sg-48846e2e",
                            "ingress.2358526314.self": "false",
                            "ingress.2358526314.to_port": "0",
                            "name": "test-natgw-instance",
                            "owner_id": "044571148504",
                            "tags.%": "5",
                            "tags.Name": "test-natgw-instance",
                            "tags.account_name": "jive-ps-pipeline",
                            "tags.pipeline_phase": "test",
                            "tags.region": "us-west-2",
                            "tags.sla": "non-prod",
                            "vpc_id": "vpc-b05fe4d4"
                        },
                        "meta": {},
                        "tainted": false
                    },
                    "deposed": [],
                    "provider": ""
                },
                "aws_subnet.natdc.0": {
                    "type": "aws_subnet",
                    "depends_on": [
                        "aws_vpc.main"
                    ],
                    "primary": {
                        "id": "subnet-ce0cd5b8",
                        "attributes": {
                            "assign_ipv6_address_on_creation": "false",
                            "availability_zone": "us-west-2a",
                            "cidr_block": "10.126.148.0/24",
                            "id": "subnet-ce0cd5b8",
                            "map_public_ip_on_launch": "false",
                            "tags.%": "5",
                            "tags.Name": "test-natdc-subnet",
                            "tags.account_name": "jive-ps-pipeline",
                            "tags.pipeline_phase": "test",
                            "tags.region": "us-west-2",
                            "tags.sla": "non-prod",
                            "vpc_id": "vpc-b05fe4d4"
                        },
                        "meta": {},
                        "tainted": false
                    },
                    "deposed": [],
                    "provider": ""
                },
                "aws_subnet.natdc.1": {
                    "type": "aws_subnet",
                    "depends_on": [
                        "aws_vpc.main"
                    ],
                    "primary": {
                        "id": "subnet-181e997c",
                        "attributes": {
                            "assign_ipv6_address_on_creation": "false",
                            "availability_zone": "us-west-2b",
                            "cidr_block": "10.126.149.0/24",
                            "id": "subnet-181e997c",
                            "map_public_ip_on_launch": "false",
                            "tags.%": "5",
                            "tags.Name": "test-natdc-subnet",
                            "tags.account_name": "jive-ps-pipeline",
                            "tags.pipeline_phase": "test",
                            "tags.region": "us-west-2",
                            "tags.sla": "non-prod",
                            "vpc_id": "vpc-b05fe4d4"
                        },
                        "meta": {},
                        "tainted": false
                    },
                    "deposed": [],
                    "provider": ""
                },
                "aws_subnet.natdc.2": {
                    "type": "aws_subnet",
                    "depends_on": [
                        "aws_vpc.main"
                    ],
                    "primary": {
                        "id": "subnet-b741aeef",
                        "attributes": {
                            "assign_ipv6_address_on_creation": "false",
                            "availability_zone": "us-west-2c",
                            "cidr_block": "10.126.150.0/24",
                            "id": "subnet-b741aeef",
                            "map_public_ip_on_launch": "false",
                            "tags.%": "5",
                            "tags.Name": "test-natdc-subnet",
                            "tags.account_name": "jive-ps-pipeline",
                            "tags.pipeline_phase": "test",
                            "tags.region": "us-west-2",
                            "tags.sla": "non-prod",
                            "vpc_id": "vpc-b05fe4d4"
                        },
                        "meta": {},
                        "tainted": false
                    },
                    "deposed": [],
                    "provider": ""
                },
                "aws_subnet.private.0": {
                    "type": "aws_subnet",
                    "depends_on": [
                        "aws_vpc.main"
                    ],
                    "primary": {
                        "id": "subnet-c00cd5b6",
                        "attributes": {
                            "assign_ipv6_address_on_creation": "false",
                            "availability_zone": "us-west-2a",
                            "cidr_block": "10.126.151.96/27",
                            "id": "subnet-c00cd5b6",
                            "map_public_ip_on_launch": "false",
                            "tags.%": "5",
                            "tags.Name": "test-private-subnet",
                            "tags.account_name": "jive-ps-pipeline",
                            "tags.pipeline_phase": "test",
                            "tags.region": "us-west-2",
                            "tags.sla": "non-prod",
                            "vpc_id": "vpc-b05fe4d4"
                        },
                        "meta": {},
                        "tainted": false
                    },
                    "deposed": [],
                    "provider": ""
                },
                "aws_subnet.private.1": {
                    "type": "aws_subnet",
                    "depends_on": [
                        "aws_vpc.main"
                    ],
                    "primary": {
                        "id": "subnet-1e1e997a",
                        "attributes": {
                            "assign_ipv6_address_on_creation": "false",
                            "availability_zone": "us-west-2b",
                            "cidr_block": "10.126.151.128/27",
                            "id": "subnet-1e1e997a",
                            "map_public_ip_on_launch": "false",
                            "tags.%": "5",
                            "tags.Name": "test-private-subnet",
                            "tags.account_name": "jive-ps-pipeline",
                            "tags.pipeline_phase": "test",
                            "tags.region": "us-west-2",
                            "tags.sla": "non-prod",
                            "vpc_id": "vpc-b05fe4d4"
                        },
                        "meta": {},
                        "tainted": false
                    },
                    "deposed": [],
                    "provider": ""
                },
                "aws_subnet.private.2": {
                    "type": "aws_subnet",
                    "depends_on": [
                        "aws_vpc.main"
                    ],
                    "primary": {
                        "id": "subnet-b641aeee",
                        "attributes": {
                            "assign_ipv6_address_on_creation": "false",
                            "availability_zone": "us-west-2c",
                            "cidr_block": "10.126.151.160/27",
                            "id": "subnet-b641aeee",
                            "map_public_ip_on_launch": "false",
                            "tags.%": "5",
                            "tags.Name": "test-private-subnet",
                            "tags.account_name": "jive-ps-pipeline",
                            "tags.pipeline_phase": "test",
                            "tags.region": "us-west-2",
                            "tags.sla": "non-prod",
                            "vpc_id": "vpc-b05fe4d4"
                        },
                        "meta": {},
                        "tainted": false
                    },
                    "deposed": [],
                    "provider": ""
                },
                "aws_subnet.public.0": {
                    "type": "aws_subnet",
                    "depends_on": [
                        "aws_vpc.main"
                    ],
                    "primary": {
                        "id": "subnet-c10cd5b7",
                        "attributes": {
                            "assign_ipv6_address_on_creation": "false",
                            "availability_zone": "us-west-2a",
                            "cidr_block": "10.126.151.0/27",
                            "id": "subnet-c10cd5b7",
                            "map_public_ip_on_launch": "false",
                            "tags.%": "6",
                            "tags.KubernetesCluster": "us-west-2_jive-ps-pipeline",
                            "tags.Name": "test-public-subnet",
                            "tags.account_name": "jive-ps-pipeline",
                            "tags.pipeline_phase": "test",
                            "tags.region": "us-west-2",
                            "tags.sla": "non-prod",
                            "vpc_id": "vpc-b05fe4d4"
                        },
                        "meta": {},
                        "tainted": false
                    },
                    "deposed": [],
                    "provider": ""
                },
                "aws_subnet.public.1": {
                    "type": "aws_subnet",
                    "depends_on": [
                        "aws_vpc.main"
                    ],
                    "primary": {
                        "id": "subnet-1f1e997b",
                        "attributes": {
                            "assign_ipv6_address_on_creation": "false",
                            "availability_zone": "us-west-2b",
                            "cidr_block": "10.126.151.32/27",
                            "id": "subnet-1f1e997b",
                            "map_public_ip_on_launch": "false",
                            "tags.%": "6",
                            "tags.KubernetesCluster": "us-west-2_jive-ps-pipeline",
                            "tags.Name": "test-public-subnet",
                            "tags.account_name": "jive-ps-pipeline",
                            "tags.pipeline_phase": "test",
                            "tags.region": "us-west-2",
                            "tags.sla": "non-prod",
                            "vpc_id": "vpc-b05fe4d4"
                        },
                        "meta": {},
                        "tainted": false
                    },
                    "deposed": [],
                    "provider": ""
                },
                "aws_subnet.public.2": {
                    "type": "aws_subnet",
                    "depends_on": [
                        "aws_vpc.main"
                    ],
                    "primary": {
                        "id": "subnet-b441aeec",
                        "attributes": {
                            "assign_ipv6_address_on_creation": "false",
                            "availability_zone": "us-west-2c",
                            "cidr_block": "10.126.151.64/27",
                            "id": "subnet-b441aeec",
                            "map_public_ip_on_launch": "false",
                            "tags.%": "6",
                            "tags.KubernetesCluster": "us-west-2_jive-ps-pipeline",
                            "tags.Name": "test-public-subnet",
                            "tags.account_name": "jive-ps-pipeline",
                            "tags.pipeline_phase": "test",
                            "tags.region": "us-west-2",
                            "tags.sla": "non-prod",
                            "vpc_id": "vpc-b05fe4d4"
                        },
                        "meta": {},
                        "tainted": false
                    },
                    "deposed": [],
                    "provider": ""
                },
                "aws_vpc.main": {
                    "type": "aws_vpc",
                    "depends_on": [],
                    "primary": {
                        "id": "vpc-b05fe4d4",
                        "attributes": {
                            "assign_generated_ipv6_cidr_block": "false",
                            "cidr_block": "10.126.148.0/22",
                            "default_network_acl_id": "acl-a06ff8c4",
                            "default_route_table_id": "rtb-f7a9c593",
                            "default_security_group_id": "sg-44846e22",
                            "dhcp_options_id": "dopt-786d471d",
                            "enable_classiclink": "false",
                            "enable_dns_hostnames": "true",
                            "enable_dns_support": "true",
                            "id": "vpc-b05fe4d4",
                            "instance_tenancy": "default",
                            "main_route_table_id": "rtb-f7a9c593",
                            "tags.%": "5",
                            "tags.Name": "test-vpc",
                            "tags.account_name": "jive-ps-pipeline",
                            "tags.pipeline_phase": "test",
                            "tags.region": "us-west-2",
                            "tags.sla": "non-prod"
                        },
                        "meta": {
                            "schema_version": "1"
                        },
                        "tainted": false
                    },
                    "deposed": [],
                    "provider": ""
                },
                "aws_vpc_peering_connection.infra": {
                    "type": "aws_vpc_peering_connection",
                    "depends_on": [
                        "aws_vpc.main"
                    ],
                    "primary": {
                        "id": "pcx-efeb5f86",
                        "attributes": {
                            "accept_status": "active",
                            "accepter.#": "1",
                            "accepter.3244290774.allow_classic_link_to_remote_vpc": "false",
                            "accepter.3244290774.allow_remote_vpc_dns_resolution": "false",
                            "accepter.3244290774.allow_vpc_to_remote_classic_link": "false",
                            "auto_accept": "true",
                            "id": "pcx-efeb5f86",
                            "peer_owner_id": "044571148504",
                            "peer_vpc_id": "vpc-99338bfd",
                            "requester.#": "1",
                            "requester.3244290774.allow_classic_link_to_remote_vpc": "false",
                            "requester.3244290774.allow_remote_vpc_dns_resolution": "false",
                            "requester.3244290774.allow_vpc_to_remote_classic_link": "false",
                            "tags.%": "5",
                            "tags.Name": "test_to_infra-jive-ps-pipeline",
                            "tags.account_name": "jive-ps-pipeline",
                            "tags.pipeline_phase": "test",
                            "tags.region": "us-west-2",
                            "tags.sla": "non-prod",
                            "vpc_id": "vpc-b05fe4d4"
                        },
                        "meta": {},
                        "tainted": false
                    },
                    "deposed": [],
                    "provider": ""
                },
                "aws_vpn_gateway.vgw": {
                    "type": "aws_vpn_gateway",
                    "depends_on": [
                        "aws_vpc.main"
                    ],
                    "primary": {
                        "id": "vgw-c2d40ddc",
                        "attributes": {
                            "availability_zone": "",
                            "id": "vgw-c2d40ddc",
                            "tags.%": "7",
                            "tags.Name": "test-vgw",
                            "tags.account_name": "jive-ps-pipeline",
                            "tags.jive_service": "infrastructure",
                            "tags.pipeline_phase": "test",
                            "tags.region": "us-west-2",
                            "tags.service_component": "vpn_gateway",
                            "tags.sla": "non-prod",
                            "vpc_id": "vpc-b05fe4d4"
                        },
                        "meta": {},
                        "tainted": false
                    },
                    "deposed": [],
                    "provider": ""
                },
                "data.aws_security_group.bastion": {
                    "type": "aws_security_group",
                    "depends_on": [],
                    "primary": {
                        "id": "sg-33c52d55",
                        "attributes": {
                            "filter.#": "1",
                            "filter.1988431066.name": "tag:jive_service",
                            "filter.1988431066.values.#": "1",
                            "filter.1988431066.values.2480389212": "infrastructure",
                            "id": "sg-33c52d55",
                            "name": "infra-pipeline-jive-phx-dc",
                            "tags.%": "6",
                            "tags.Name": "infra-pipeline-jive-phx-dc",
                            "tags.account_name": "jive-ps-pipeline",
                            "tags.jive_service": "infrastructure",
                            "tags.pipeline_phase": "infra-pipeline",
                            "tags.region": "us-west-2",
                            "tags.sla": "non-prod",
                            "vpc_id": "vpc-99338bfd"
                        },
                        "meta": {},
                        "tainted": false
                    },
                    "deposed": [],
                    "provider": ""
                }
            },
            "depends_on": []
        }
    ]
}
