{
    "version": 3,
    "terraform_version": "0.9.2",
    "serial": 11,
    "lineage": "534e87da-32f0-4dc6-8a2c-644d9eaba781",
    "modules": [
        {
            "path": [
                "root"
            ],
            "outputs": {},
            "resources": {
                "aws_autoscaling_group.bastion": {
                    "type": "aws_autoscaling_group",
                    "depends_on": [
                        "aws_launch_configuration.bastion",
                        "aws_launch_configuration.bastion",
                        "aws_subnet.natdc"
                    ],
                    "primary": {
                        "id": "infra-prod-bastion-asg-terraform-002f59a2a4001117d6a13ad996",
                        "attributes": {
                            "arn": "arn:aws:autoscaling:eu-central-1:874979382819:autoScalingGroup:c380d4f4-d568-4751-86b5-d6502a1dc13c:autoScalingGroupName/infra-prod-bastion-asg-terraform-002f59a2a4001117d6a13ad996",
                            "availability_zones.#": "1",
                            "availability_zones.1126047633": "eu-central-1a",
                            "default_cooldown": "300",
                            "desired_capacity": "1",
                            "force_delete": "false",
                            "health_check_grace_period": "300",
                            "health_check_type": "EC2",
                            "id": "infra-prod-bastion-asg-terraform-002f59a2a4001117d6a13ad996",
                            "launch_configuration": "terraform-002f59a2a4001117d6a13ad996",
                            "load_balancers.#": "0",
                            "max_size": "1",
                            "metrics_granularity": "1Minute",
                            "min_size": "1",
                            "name": "infra-prod-bastion-asg-terraform-002f59a2a4001117d6a13ad996",
                            "placement_group": "",
                            "protect_from_scale_in": "false",
                            "suspended_processes.#": "0",
                            "tag.#": "8",
                            "tag.169118653.key": "sla",
                            "tag.169118653.propagate_at_launch": "true",
                            "tag.169118653.value": "prod",
                            "tag.2071159907.key": "account_name",
                            "tag.2071159907.propagate_at_launch": "true",
                            "tag.2071159907.value": "jive-ps-prod",
                            "tag.2099585974.key": "pipeline_phase",
                            "tag.2099585974.propagate_at_launch": "true",
                            "tag.2099585974.value": "infra-prod",
                            "tag.2734052481.key": "service_component",
                            "tag.2734052481.propagate_at_launch": "true",
                            "tag.2734052481.value": "bastion",
                            "tag.3153515461.key": "Name",
                            "tag.3153515461.propagate_at_launch": "true",
                            "tag.3153515461.value": "infra-prod-bastion-instance",
                            "tag.3180302108.key": "region",
                            "tag.3180302108.propagate_at_launch": "true",
                            "tag.3180302108.value": "eu-central-1",
                            "tag.853938758.key": "jive_service",
                            "tag.853938758.propagate_at_launch": "true",
                            "tag.853938758.value": "infrastructure",
                            "tag.93121031.key": "bastionip",
                            "tag.93121031.propagate_at_launch": "true",
                            "tag.93121031.value": "10.127.61.7",
                            "target_group_arns.#": "0",
                            "termination_policies.#": "0",
                            "vpc_zone_identifier.#": "1",
                            "vpc_zone_identifier.3795761928": "subnet-fff21b97",
                            "wait_for_capacity_timeout": "10m"
                        },
                        "meta": {},
                        "tainted": false
                    },
                    "deposed": [],
                    "provider": ""
                },
                "aws_customer_gateway.customer_gateway": {
                    "type": "aws_customer_gateway",
                    "depends_on": [],
                    "primary": {
                        "id": "cgw-c0f678f0",
                        "attributes": {
                            "bgp_asn": "13364",
                            "id": "cgw-c0f678f0",
                            "ip_address": "204.93.80.68",
                            "tags.%": "5",
                            "tags.Account_name": "jive-ps-prod",
                            "tags.Name": "infra-prod-customer-gateway",
                            "tags.Pipeline_phase": "infra-prod",
                            "tags.Region": "eu-central-1",
                            "tags.SLA": "prod",
                            "type": "ipsec.1"
                        },
                        "meta": {},
                        "tainted": false
                    },
                    "deposed": [],
                    "provider": ""
                },
                "aws_eip.natgw.0": {
                    "type": "aws_eip",
                    "depends_on": [],
                    "primary": {
                        "id": "eipalloc-90ac19f9",
                        "attributes": {
                            "association_id": "eipassoc-6fe38104",
                            "domain": "vpc",
                            "id": "eipalloc-90ac19f9",
                            "instance": "",
                            "network_interface": "eni-1d248572",
                            "private_ip": "10.127.61.108",
                            "public_ip": "52.28.76.148",
                            "vpc": "true"
                        },
                        "meta": {},
                        "tainted": false
                    },
                    "deposed": [],
                    "provider": ""
                },
                "aws_eip.natgw.1": {
                    "type": "aws_eip",
                    "depends_on": [],
                    "primary": {
                        "id": "eipalloc-19b4fc70",
                        "attributes": {
                            "association_id": "eipassoc-31e3815a",
                            "domain": "vpc",
                            "id": "eipalloc-19b4fc70",
                            "instance": "",
                            "network_interface": "eni-97c5e4e9",
                            "private_ip": "10.127.61.136",
                            "public_ip": "52.58.152.91",
                            "vpc": "true"
                        },
                        "meta": {},
                        "tainted": false
                    },
                    "deposed": [],
                    "provider": ""
                },
                "aws_internet_gateway.igw": {
                    "type": "aws_internet_gateway",
                    "depends_on": [
                        "aws_vpc.main"
                    ],
                    "primary": {
                        "id": "igw-5a861d33",
                        "attributes": {
                            "id": "igw-5a861d33",
                            "tags.%": "5",
                            "tags.Name": "infra-prod-igw",
                            "tags.account_name": "jive-ps-prod",
                            "tags.pipeline_phase": "infra-prod",
                            "tags.region": "eu-central-1",
                            "tags.sla": "prod",
                            "vpc_id": "vpc-4e9ba227"
                        },
                        "meta": {},
                        "tainted": false
                    },
                    "deposed": [],
                    "provider": ""
                },
                "aws_launch_configuration.bastion": {
                    "type": "aws_launch_configuration",
                    "depends_on": [],
                    "primary": {
                        "id": "terraform-002f59a2a4001117d6a13ad996",
                        "attributes": {
                            "associate_public_ip_address": "false",
                            "ebs_block_device.#": "0",
                            "ebs_optimized": "false",
                            "enable_monitoring": "true",
                            "ephemeral_block_device.#": "0",
                            "iam_instance_profile": "eni-attach-profile",
                            "id": "terraform-002f59a2a4001117d6a13ad996",
                            "image_id": "ami-9bf712f4",
                            "instance_type": "t2.medium",
                            "key_name": "ps-prod",
                            "name": "terraform-002f59a2a4001117d6a13ad996",
                            "root_block_device.#": "1",
                            "root_block_device.0.delete_on_termination": "true",
                            "root_block_device.0.iops": "0",
                            "root_block_device.0.volume_size": "25",
                            "root_block_device.0.volume_type": "",
                            "security_groups.#": "1",
                            "security_groups.1171514063": "sg-9ee24cf6",
                            "spot_price": "",
                            "user_data": "3227975e025df3a0c10e9d6b4ca2244d088b2eea",
                            "vpc_classic_link_id": "",
                            "vpc_classic_link_security_groups.#": "0"
                        },
                        "meta": {},
                        "tainted": false
                    },
                    "deposed": [],
                    "provider": ""
                },
                "aws_nat_gateway.natgw.0": {
                    "type": "aws_nat_gateway",
                    "depends_on": [
                        "aws_eip.natgw.*",
                        "aws_internet_gateway.igw",
                        "aws_subnet.public.*"
                    ],
                    "primary": {
                        "id": "nat-00f3bbad9c9f11d3f",
                        "attributes": {
                            "allocation_id": "eipalloc-90ac19f9",
                            "id": "nat-00f3bbad9c9f11d3f",
                            "network_interface_id": "eni-1d248572",
                            "private_ip": "10.127.61.108",
                            "public_ip": "52.28.76.148",
                            "subnet_id": "subnet-f0f21b98"
                        },
                        "meta": {},
                        "tainted": false
                    },
                    "deposed": [],
                    "provider": ""
                },
                "aws_nat_gateway.natgw.1": {
                    "type": "aws_nat_gateway",
                    "depends_on": [
                        "aws_eip.natgw.*",
                        "aws_internet_gateway.igw",
                        "aws_subnet.public.*"
                    ],
                    "primary": {
                        "id": "nat-0fd58a90122d8a27a",
                        "attributes": {
                            "allocation_id": "eipalloc-19b4fc70",
                            "id": "nat-0fd58a90122d8a27a",
                            "network_interface_id": "eni-97c5e4e9",
                            "private_ip": "10.127.61.136",
                            "public_ip": "52.58.152.91",
                            "subnet_id": "subnet-c2d5d0b9"
                        },
                        "meta": {},
                        "tainted": false
                    },
                    "deposed": [],
                    "provider": ""
                },
                "aws_network_interface.bastion": {
                    "type": "aws_network_interface",
                    "depends_on": [
                        "aws_security_group.jive_phx_dc",
                        "aws_subnet.natdc"
                    ],
                    "primary": {
                        "id": "eni-b79035dd",
                        "attributes": {
                            "attachment.#": "1",
                            "attachment.3736212278.attachment_id": "eni-attach-c58da5ab",
                            "attachment.3736212278.device_index": "1",
                            "attachment.3736212278.instance": "i-0b5ff2d7beb4bbc8a",
                            "description": "",
                            "id": "eni-b79035dd",
                            "private_ips.#": "1",
                            "private_ips.4075109160": "10.127.61.7",
                            "security_groups.#": "1",
                            "security_groups.1171514063": "sg-9ee24cf6",
                            "source_dest_check": "true",
                            "subnet_id": "subnet-fff21b97",
                            "tags.%": "7",
                            "tags.Name": "infra-prod-bastion-instance",
                            "tags.account_name": "jive-ps-prod",
                            "tags.jive_service": "infrastructure",
                            "tags.pipeline_phase": "infra-prod",
                            "tags.region": "eu-central-1",
                            "tags.service_component": "bastion",
                            "tags.sla": "prod"
                        },
                        "meta": {},
                        "tainted": false
                    },
                    "deposed": [],
                    "provider": ""
                },
                "aws_route53_record.bastion": {
                    "type": "aws_route53_record",
                    "depends_on": [],
                    "primary": {
                        "id": "Z2IC7CCTBC9E6B_bastion-eu-central-1-jive-ps-prod_A",
                        "attributes": {
                            "fqdn": "bastion-eu-central-1-jive-ps-prod.jiveprivate.com",
                            "health_check_id": "",
                            "id": "Z2IC7CCTBC9E6B_bastion-eu-central-1-jive-ps-prod_A",
                            "name": "bastion-eu-central-1-jive-ps-prod",
                            "records.#": "1",
                            "records.4075109160": "10.127.61.7",
                            "set_identifier": "",
                            "ttl": "60",
                            "type": "A",
                            "zone_id": "Z2IC7CCTBC9E6B"
                        },
                        "meta": {
                            "schema_version": "2"
                        },
                        "tainted": false
                    },
                    "deposed": [],
                    "provider": ""
                },
                "aws_route53_zone_association.route53": {
                    "type": "aws_route53_zone_association",
                    "depends_on": [
                        "aws_vpc.main"
                    ],
                    "primary": {
                        "id": "Z2IC7CCTBC9E6B:vpc-4e9ba227",
                        "attributes": {
                            "id": "Z2IC7CCTBC9E6B:vpc-4e9ba227",
                            "vpc_id": "vpc-4e9ba227",
                            "vpc_region": "eu-central-1",
                            "zone_id": "Z2IC7CCTBC9E6B"
                        },
                        "meta": {},
                        "tainted": false
                    },
                    "deposed": [],
                    "provider": ""
                },
                "aws_route_table.natdc.0": {
                    "type": "aws_route_table",
                    "depends_on": [
                        "aws_nat_gateway.natgw",
                        "aws_vpc.main",
                        "aws_vpn_gateway.vgw"
                    ],
                    "primary": {
                        "id": "rtb-678a9b0e",
                        "attributes": {
                            "id": "rtb-678a9b0e",
                            "propagating_vgws.#": "1",
                            "propagating_vgws.2925505123": "vgw-0d29a53d",
                            "route.#": "3",
                            "route.1393095034.cidr_block": "10.126.208.0/20",
                            "route.1393095034.egress_only_gateway_id": "",
                            "route.1393095034.gateway_id": "",
                            "route.1393095034.instance_id": "",
                            "route.1393095034.ipv6_cidr_block": "",
                            "route.1393095034.nat_gateway_id": "",
                            "route.1393095034.network_interface_id": "",
                            "route.1393095034.vpc_peering_connection_id": "pcx-703ce819",
                            "route.2192260114.cidr_block": "10.125.32.0/20",
                            "route.2192260114.egress_only_gateway_id": "",
                            "route.2192260114.gateway_id": "",
                            "route.2192260114.instance_id": "",
                            "route.2192260114.ipv6_cidr_block": "",
                            "route.2192260114.nat_gateway_id": "",
                            "route.2192260114.network_interface_id": "",
                            "route.2192260114.vpc_peering_connection_id": "pcx-86f729ef",
                            "route.300991504.cidr_block": "0.0.0.0/0",
                            "route.300991504.egress_only_gateway_id": "",
                            "route.300991504.gateway_id": "",
                            "route.300991504.instance_id": "",
                            "route.300991504.ipv6_cidr_block": "",
                            "route.300991504.nat_gateway_id": "nat-0fd58a90122d8a27a",
                            "route.300991504.network_interface_id": "",
                            "route.300991504.vpc_peering_connection_id": "",
                            "tags.%": "5",
                            "tags.Name": "infra-prod-natdc-routetable",
                            "tags.account_name": "jive-ps-prod",
                            "tags.pipeline_phase": "infra-prod",
                            "tags.region": "eu-central-1",
                            "tags.sla": "prod",
                            "vpc_id": "vpc-4e9ba227"
                        },
                        "meta": {},
                        "tainted": false
                    },
                    "deposed": [],
                    "provider": ""
                },
                "aws_route_table.natdc.1": {
                    "type": "aws_route_table",
                    "depends_on": [
                        "aws_nat_gateway.natgw.*",
                        "aws_vpc.main",
                        "aws_vpn_gateway.vgw"
                    ],
                    "primary": {
                        "id": "rtb-fcd69194",
                        "attributes": {
                            "id": "rtb-fcd69194",
                            "propagating_vgws.#": "1",
                            "propagating_vgws.2925505123": "vgw-0d29a53d",
                            "route.#": "3",
                            "route.1393095034.cidr_block": "10.126.208.0/20",
                            "route.1393095034.egress_only_gateway_id": "",
                            "route.1393095034.gateway_id": "",
                            "route.1393095034.instance_id": "",
                            "route.1393095034.ipv6_cidr_block": "",
                            "route.1393095034.nat_gateway_id": "",
                            "route.1393095034.network_interface_id": "",
                            "route.1393095034.vpc_peering_connection_id": "pcx-703ce819",
                            "route.2192260114.cidr_block": "10.125.32.0/20",
                            "route.2192260114.egress_only_gateway_id": "",
                            "route.2192260114.gateway_id": "",
                            "route.2192260114.instance_id": "",
                            "route.2192260114.ipv6_cidr_block": "",
                            "route.2192260114.nat_gateway_id": "",
                            "route.2192260114.network_interface_id": "",
                            "route.2192260114.vpc_peering_connection_id": "pcx-86f729ef",
                            "route.300991504.cidr_block": "0.0.0.0/0",
                            "route.300991504.egress_only_gateway_id": "",
                            "route.300991504.gateway_id": "",
                            "route.300991504.instance_id": "",
                            "route.300991504.ipv6_cidr_block": "",
                            "route.300991504.nat_gateway_id": "nat-0fd58a90122d8a27a",
                            "route.300991504.network_interface_id": "",
                            "route.300991504.vpc_peering_connection_id": "",
                            "tags.%": "5",
                            "tags.Name": "infra-prod-natdc-routetable",
                            "tags.account_name": "jive-ps-prod",
                            "tags.pipeline_phase": "infra-prod",
                            "tags.region": "eu-central-1",
                            "tags.sla": "prod",
                            "vpc_id": "vpc-4e9ba227"
                        },
                        "meta": {},
                        "tainted": false
                    },
                    "deposed": [],
                    "provider": ""
                },
                "aws_route_table.private": {
                    "type": "aws_route_table",
                    "depends_on": [
                        "aws_vpc.main"
                    ],
                    "primary": {
                        "id": "rtb-8d8b9ae4",
                        "attributes": {
                            "id": "rtb-8d8b9ae4",
                            "propagating_vgws.#": "0",
                            "route.#": "2",
                            "route.1393095034.cidr_block": "10.126.208.0/20",
                            "route.1393095034.egress_only_gateway_id": "",
                            "route.1393095034.gateway_id": "",
                            "route.1393095034.instance_id": "",
                            "route.1393095034.ipv6_cidr_block": "",
                            "route.1393095034.nat_gateway_id": "",
                            "route.1393095034.network_interface_id": "",
                            "route.1393095034.vpc_peering_connection_id": "pcx-703ce819",
                            "route.2192260114.cidr_block": "10.125.32.0/20",
                            "route.2192260114.egress_only_gateway_id": "",
                            "route.2192260114.gateway_id": "",
                            "route.2192260114.instance_id": "",
                            "route.2192260114.ipv6_cidr_block": "",
                            "route.2192260114.nat_gateway_id": "",
                            "route.2192260114.network_interface_id": "",
                            "route.2192260114.vpc_peering_connection_id": "pcx-86f729ef",
                            "tags.%": "5",
                            "tags.Name": "infra-prod-private-routetable",
                            "tags.account_name": "jive-ps-prod",
                            "tags.pipeline_phase": "infra-prod",
                            "tags.region": "eu-central-1",
                            "tags.sla": "prod",
                            "vpc_id": "vpc-4e9ba227"
                        },
                        "meta": {},
                        "tainted": false
                    },
                    "deposed": [],
                    "provider": ""
                },
                "aws_route_table.public": {
                    "type": "aws_route_table",
                    "depends_on": [
                        "aws_internet_gateway.igw",
                        "aws_vpc.main"
                    ],
                    "primary": {
                        "id": "rtb-8e8b9ae7",
                        "attributes": {
                            "id": "rtb-8e8b9ae7",
                            "propagating_vgws.#": "0",
                            "route.#": "3",
                            "route.1393095034.cidr_block": "10.126.208.0/20",
                            "route.1393095034.egress_only_gateway_id": "",
                            "route.1393095034.gateway_id": "",
                            "route.1393095034.instance_id": "",
                            "route.1393095034.ipv6_cidr_block": "",
                            "route.1393095034.nat_gateway_id": "",
                            "route.1393095034.network_interface_id": "",
                            "route.1393095034.vpc_peering_connection_id": "pcx-703ce819",
                            "route.2192260114.cidr_block": "10.125.32.0/20",
                            "route.2192260114.egress_only_gateway_id": "",
                            "route.2192260114.gateway_id": "",
                            "route.2192260114.instance_id": "",
                            "route.2192260114.ipv6_cidr_block": "",
                            "route.2192260114.nat_gateway_id": "",
                            "route.2192260114.network_interface_id": "",
                            "route.2192260114.vpc_peering_connection_id": "pcx-86f729ef",
                            "route.2693537426.cidr_block": "0.0.0.0/0",
                            "route.2693537426.egress_only_gateway_id": "",
                            "route.2693537426.gateway_id": "igw-5a861d33",
                            "route.2693537426.instance_id": "",
                            "route.2693537426.ipv6_cidr_block": "",
                            "route.2693537426.nat_gateway_id": "",
                            "route.2693537426.network_interface_id": "",
                            "route.2693537426.vpc_peering_connection_id": "",
                            "tags.%": "5",
                            "tags.Name": "infra-prod-public-routetable",
                            "tags.account_name": "jive-ps-prod",
                            "tags.pipeline_phase": "infra-prod",
                            "tags.region": "eu-central-1",
                            "tags.sla": "prod",
                            "vpc_id": "vpc-4e9ba227"
                        },
                        "meta": {},
                        "tainted": false
                    },
                    "deposed": [],
                    "provider": ""
                },
                "aws_route_table_association.natdc.0": {
                    "type": "aws_route_table_association",
                    "depends_on": [
                        "aws_route_table.natdc.*",
                        "aws_subnet.natdc.*"
                    ],
                    "primary": {
                        "id": "rtbassoc-b05487d8",
                        "attributes": {
                            "id": "rtbassoc-b05487d8",
                            "route_table_id": "rtb-678a9b0e",
                            "subnet_id": "subnet-c1d5d0ba"
                        },
                        "meta": {},
                        "tainted": false
                    },
                    "deposed": [],
                    "provider": ""
                },
                "aws_route_table_association.natdc.1": {
                    "type": "aws_route_table_association",
                    "depends_on": [
                        "aws_route_table.natdc.*",
                        "aws_subnet.natdc.*"
                    ],
                    "primary": {
                        "id": "rtbassoc-73877418",
                        "attributes": {
                            "id": "rtbassoc-73877418",
                            "route_table_id": "rtb-fcd69194",
                            "subnet_id": "subnet-fff21b97"
                        },
                        "meta": {},
                        "tainted": false
                    },
                    "deposed": [],
                    "provider": ""
                },
                "aws_route_table_association.private.0": {
                    "type": "aws_route_table_association",
                    "depends_on": [
                        "aws_route_table.private",
                        "aws_subnet.private"
                    ],
                    "primary": {
                        "id": "rtbassoc-c85487a0",
                        "attributes": {
                            "id": "rtbassoc-c85487a0",
                            "route_table_id": "rtb-8d8b9ae4",
                            "subnet_id": "subnet-fef21b96"
                        },
                        "meta": {},
                        "tainted": false
                    },
                    "deposed": [],
                    "provider": ""
                },
                "aws_route_table_association.private.1": {
                    "type": "aws_route_table_association",
                    "depends_on": [
                        "aws_route_table.private",
                        "aws_subnet.private"
                    ],
                    "primary": {
                        "id": "rtbassoc-f754879f",
                        "attributes": {
                            "id": "rtbassoc-f754879f",
                            "route_table_id": "rtb-8d8b9ae4",
                            "subnet_id": "subnet-c3d5d0b8"
                        },
                        "meta": {},
                        "tainted": false
                    },
                    "deposed": [],
                    "provider": ""
                },
                "aws_route_table_association.public.0": {
                    "type": "aws_route_table_association",
                    "depends_on": [
                        "aws_route_table.public",
                        "aws_subnet.public"
                    ],
                    "primary": {
                        "id": "rtbassoc-cc5487a4",
                        "attributes": {
                            "id": "rtbassoc-cc5487a4",
                            "route_table_id": "rtb-8e8b9ae7",
                            "subnet_id": "subnet-f0f21b98"
                        },
                        "meta": {},
                        "tainted": false
                    },
                    "deposed": [],
                    "provider": ""
                },
                "aws_route_table_association.public.1": {
                    "type": "aws_route_table_association",
                    "depends_on": [
                        "aws_route_table.public",
                        "aws_subnet.public"
                    ],
                    "primary": {
                        "id": "rtbassoc-cd5487a5",
                        "attributes": {
                            "id": "rtbassoc-cd5487a5",
                            "route_table_id": "rtb-8e8b9ae7",
                            "subnet_id": "subnet-c2d5d0b9"
                        },
                        "meta": {},
                        "tainted": false
                    },
                    "deposed": [],
                    "provider": ""
                },
                "aws_security_group.env_instance": {
                    "type": "aws_security_group",
                    "depends_on": [
                        "aws_vpc.main"
                    ],
                    "primary": {
                        "id": "sg-b36ae1d8",
                        "attributes": {
                            "description": "Empty SG for all instances within the evironment",
                            "egress.#": "0",
                            "id": "sg-b36ae1d8",
                            "ingress.#": "0",
                            "name": "infra-prod-instance",
                            "owner_id": "874979382819",
                            "tags.%": "5",
                            "tags.Name": "infra-prod-instance",
                            "tags.account_name": "jive-ps-prod",
                            "tags.pipeline_phase": "infra-prod",
                            "tags.region": "eu-central-1",
                            "tags.sla": "prod",
                            "vpc_id": "vpc-4e9ba227"
                        },
                        "meta": {},
                        "tainted": false
                    },
                    "deposed": [],
                    "provider": ""
                },
                "aws_security_group.jive_phx_dc": {
                    "type": "aws_security_group",
                    "depends_on": [
                        "aws_vpc.main"
                    ],
                    "primary": {
                        "id": "sg-9ee24cf6",
                        "attributes": {
                            "description": "Allow SSH and Ping from CIDRs within Jive PHX Data Center",
                            "egress.#": "1",
                            "egress.482069346.cidr_blocks.#": "1",
                            "egress.482069346.cidr_blocks.0": "0.0.0.0/0",
                            "egress.482069346.from_port": "0",
                            "egress.482069346.ipv6_cidr_blocks.#": "0",
                            "egress.482069346.prefix_list_ids.#": "0",
                            "egress.482069346.protocol": "-1",
                            "egress.482069346.security_groups.#": "0",
                            "egress.482069346.self": "false",
                            "egress.482069346.to_port": "0",
                            "id": "sg-9ee24cf6",
                            "ingress.#": "2",
                            "ingress.2541437006.cidr_blocks.#": "1",
                            "ingress.2541437006.cidr_blocks.0": "0.0.0.0/0",
                            "ingress.2541437006.from_port": "22",
                            "ingress.2541437006.ipv6_cidr_blocks.#": "0",
                            "ingress.2541437006.protocol": "tcp",
                            "ingress.2541437006.security_groups.#": "0",
                            "ingress.2541437006.self": "false",
                            "ingress.2541437006.to_port": "22",
                            "ingress.3068409405.cidr_blocks.#": "1",
                            "ingress.3068409405.cidr_blocks.0": "0.0.0.0/0",
                            "ingress.3068409405.from_port": "8",
                            "ingress.3068409405.ipv6_cidr_blocks.#": "0",
                            "ingress.3068409405.protocol": "icmp",
                            "ingress.3068409405.security_groups.#": "0",
                            "ingress.3068409405.self": "false",
                            "ingress.3068409405.to_port": "0",
                            "name": "infra-prod-jive-phx-dc",
                            "owner_id": "874979382819",
                            "tags.%": "5",
                            "tags.Name": "infra-prod-jive-phx-dc",
                            "tags.account_name": "jive-ps-prod",
                            "tags.pipeline_phase": "infra-prod",
                            "tags.region": "eu-central-1",
                            "tags.sla": "prod",
                            "vpc_id": "vpc-4e9ba227"
                        },
                        "meta": {},
                        "tainted": false
                    },
                    "deposed": [],
                    "provider": ""
                },
                "aws_subnet.natdc.0": {
                    "type": "aws_subnet",
                    "depends_on": [
                        "aws_vpc.main"
                    ],
                    "primary": {
                        "id": "subnet-fff21b97",
                        "attributes": {
                            "assign_ipv6_address_on_creation": "false",
                            "availability_zone": "eu-central-1a",
                            "cidr_block": "10.127.61.0/27",
                            "id": "subnet-fff21b97",
                            "map_public_ip_on_launch": "false",
                            "tags.%": "5",
                            "tags.Name": "infra-prod-natdc-subnet",
                            "tags.account_name": "jive-ps-prod",
                            "tags.pipeline_phase": "infra-prod",
                            "tags.region": "eu-central-1",
                            "tags.sla": "prod",
                            "vpc_id": "vpc-4e9ba227"
                        },
                        "meta": {},
                        "tainted": false
                    },
                    "deposed": [],
                    "provider": ""
                },
                "aws_subnet.natdc.1": {
                    "type": "aws_subnet",
                    "depends_on": [
                        "aws_vpc.main"
                    ],
                    "primary": {
                        "id": "subnet-c1d5d0ba",
                        "attributes": {
                            "assign_ipv6_address_on_creation": "false",
                            "availability_zone": "eu-central-1b",
                            "cidr_block": "10.127.61.32/27",
                            "id": "subnet-c1d5d0ba",
                            "map_public_ip_on_launch": "false",
                            "tags.%": "5",
                            "tags.Name": "infra-prod-natdc-subnet",
                            "tags.account_name": "jive-ps-prod",
                            "tags.pipeline_phase": "infra-prod",
                            "tags.region": "eu-central-1",
                            "tags.sla": "prod",
                            "vpc_id": "vpc-4e9ba227"
                        },
                        "meta": {},
                        "tainted": false
                    },
                    "deposed": [],
                    "provider": ""
                },
                "aws_subnet.private.0": {
                    "type": "aws_subnet",
                    "depends_on": [
                        "aws_vpc.main"
                    ],
                    "primary": {
                        "id": "subnet-fef21b96",
                        "attributes": {
                            "assign_ipv6_address_on_creation": "false",
                            "availability_zone": "eu-central-1a",
                            "cidr_block": "10.127.61.192/28",
                            "id": "subnet-fef21b96",
                            "map_public_ip_on_launch": "false",
                            "tags.%": "5",
                            "tags.Name": "infra-prod-private-subnet",
                            "tags.account_name": "jive-ps-prod",
                            "tags.pipeline_phase": "infra-prod",
                            "tags.region": "eu-central-1",
                            "tags.sla": "prod",
                            "vpc_id": "vpc-4e9ba227"
                        },
                        "meta": {},
                        "tainted": false
                    },
                    "deposed": [],
                    "provider": ""
                },
                "aws_subnet.private.1": {
                    "type": "aws_subnet",
                    "depends_on": [
                        "aws_vpc.main"
                    ],
                    "primary": {
                        "id": "subnet-c3d5d0b8",
                        "attributes": {
                            "assign_ipv6_address_on_creation": "false",
                            "availability_zone": "eu-central-1b",
                            "cidr_block": "10.127.61.208/28",
                            "id": "subnet-c3d5d0b8",
                            "map_public_ip_on_launch": "false",
                            "tags.%": "5",
                            "tags.Name": "infra-prod-private-subnet",
                            "tags.account_name": "jive-ps-prod",
                            "tags.pipeline_phase": "infra-prod",
                            "tags.region": "eu-central-1",
                            "tags.sla": "prod",
                            "vpc_id": "vpc-4e9ba227"
                        },
                        "meta": {},
                        "tainted": false
                    },
                    "deposed": [],
                    "provider": ""
                },
                "aws_subnet.public.0": {
                    "type": "aws_subnet",
                    "depends_on": [
                        "aws_vpc.main"
                    ],
                    "primary": {
                        "id": "subnet-f0f21b98",
                        "attributes": {
                            "assign_ipv6_address_on_creation": "false",
                            "availability_zone": "eu-central-1a",
                            "cidr_block": "10.127.61.96/27",
                            "id": "subnet-f0f21b98",
                            "map_public_ip_on_launch": "false",
                            "tags.%": "5",
                            "tags.Name": "infra-prod-public-subnet",
                            "tags.account_name": "jive-ps-prod",
                            "tags.pipeline_phase": "infra-prod",
                            "tags.region": "eu-central-1",
                            "tags.sla": "prod",
                            "vpc_id": "vpc-4e9ba227"
                        },
                        "meta": {},
                        "tainted": false
                    },
                    "deposed": [],
                    "provider": ""
                },
                "aws_subnet.public.1": {
                    "type": "aws_subnet",
                    "depends_on": [
                        "aws_vpc.main"
                    ],
                    "primary": {
                        "id": "subnet-c2d5d0b9",
                        "attributes": {
                            "assign_ipv6_address_on_creation": "false",
                            "availability_zone": "eu-central-1b",
                            "cidr_block": "10.127.61.128/27",
                            "id": "subnet-c2d5d0b9",
                            "map_public_ip_on_launch": "false",
                            "tags.%": "5",
                            "tags.Name": "infra-prod-public-subnet",
                            "tags.account_name": "jive-ps-prod",
                            "tags.pipeline_phase": "infra-prod",
                            "tags.region": "eu-central-1",
                            "tags.sla": "prod",
                            "vpc_id": "vpc-4e9ba227"
                        },
                        "meta": {},
                        "tainted": false
                    },
                    "deposed": [],
                    "provider": ""
                },
                "aws_vpc.main": {
                    "type": "aws_vpc",
                    "depends_on": [],
                    "primary": {
                        "id": "vpc-4e9ba227",
                        "attributes": {
                            "assign_generated_ipv6_cidr_block": "false",
                            "cidr_block": "10.127.61.0/24",
                            "default_network_acl_id": "acl-5a8f9a33",
                            "default_route_table_id": "rtb-b78b9ade",
                            "default_security_group_id": "sg-86e24cee",
                            "dhcp_options_id": "dopt-8dc15be4",
                            "enable_dns_hostnames": "true",
                            "enable_dns_support": "true",
                            "id": "vpc-4e9ba227",
                            "instance_tenancy": "default",
                            "main_route_table_id": "rtb-b78b9ade",
                            "tags.%": "5",
                            "tags.Name": "infra-prod-vpc",
                            "tags.account_name": "jive-ps-prod",
                            "tags.pipeline_phase": "infra-prod",
                            "tags.region": "eu-central-1",
                            "tags.sla": "prod"
                        },
                        "meta": {
                            "schema_version": "1"
                        },
                        "tainted": false
                    },
                    "deposed": [],
                    "provider": ""
                },
                "aws_vpn_connection.main": {
                    "type": "aws_vpn_connection",
                    "depends_on": [
                        "aws_customer_gateway.customer_gateway",
                        "aws_vpn_gateway.vgw"
                    ],
                    "primary": {
                        "id": "vpn-08d23561",
                        "attributes": {
                            "customer_gateway_configuration": "\u003c?xml version=\"1.0\" encoding=\"UTF-8\"?\u003e\n\u003cvpn_connection id=\"vpn-08d23561\"\u003e\n  \u003ccustomer_gateway_id\u003ecgw-c0f678f0\u003c/customer_gateway_id\u003e\n  \u003cvpn_gateway_id\u003evgw-0d29a53d\u003c/vpn_gateway_id\u003e\n  \u003cvpn_connection_type\u003eipsec.1\u003c/vpn_connection_type\u003e\n  \u003cipsec_tunnel\u003e\n    \u003ccustomer_gateway\u003e\n      \u003ctunnel_outside_address\u003e\n        \u003cip_address\u003e204.93.80.68\u003c/ip_address\u003e\n      \u003c/tunnel_outside_address\u003e\n      \u003ctunnel_inside_address\u003e\n        \u003cip_address\u003e169.254.43.246\u003c/ip_address\u003e\n        \u003cnetwork_mask\u003e255.255.255.252\u003c/network_mask\u003e\n        \u003cnetwork_cidr\u003e30\u003c/network_cidr\u003e\n      \u003c/tunnel_inside_address\u003e\n      \u003cbgp\u003e\n        \u003casn\u003e13364\u003c/asn\u003e\n        \u003chold_time\u003e30\u003c/hold_time\u003e\n      \u003c/bgp\u003e\n    \u003c/customer_gateway\u003e\n    \u003cvpn_gateway\u003e\n      \u003ctunnel_outside_address\u003e\n        \u003cip_address\u003e35.156.139.180\u003c/ip_address\u003e\n      \u003c/tunnel_outside_address\u003e\n      \u003ctunnel_inside_address\u003e\n        \u003cip_address\u003e169.254.43.245\u003c/ip_address\u003e\n        \u003cnetwork_mask\u003e255.255.255.252\u003c/network_mask\u003e\n        \u003cnetwork_cidr\u003e30\u003c/network_cidr\u003e\n      \u003c/tunnel_inside_address\u003e\n      \u003cbgp\u003e\n        \u003casn\u003e7224\u003c/asn\u003e\n        \u003chold_time\u003e30\u003c/hold_time\u003e\n      \u003c/bgp\u003e\n    \u003c/vpn_gateway\u003e\n    \u003cike\u003e\n      \u003cauthentication_protocol\u003esha1\u003c/authentication_protocol\u003e\n      \u003cencryption_protocol\u003eaes-128-cbc\u003c/encryption_protocol\u003e\n      \u003clifetime\u003e28800\u003c/lifetime\u003e\n      \u003cperfect_forward_secrecy\u003egroup2\u003c/perfect_forward_secrecy\u003e\n      \u003cmode\u003emain\u003c/mode\u003e\n      \u003cpre_shared_key\u003ezWufqjNihabC0eA7FO39sOZfYHhzbzf8\u003c/pre_shared_key\u003e\n    \u003c/ike\u003e\n    \u003cipsec\u003e\n      \u003cprotocol\u003eesp\u003c/protocol\u003e\n      \u003cauthentication_protocol\u003ehmac-sha1-96\u003c/authentication_protocol\u003e\n      \u003cencryption_protocol\u003eaes-128-cbc\u003c/encryption_protocol\u003e\n      \u003clifetime\u003e3600\u003c/lifetime\u003e\n      \u003cperfect_forward_secrecy\u003egroup2\u003c/perfect_forward_secrecy\u003e\n      \u003cmode\u003etunnel\u003c/mode\u003e\n      \u003cclear_df_bit\u003etrue\u003c/clear_df_bit\u003e\n      \u003cfragmentation_before_encryption\u003etrue\u003c/fragmentation_before_encryption\u003e\n      \u003ctcp_mss_adjustment\u003e1379\u003c/tcp_mss_adjustment\u003e\n      \u003cdead_peer_detection\u003e\n        \u003cinterval\u003e10\u003c/interval\u003e\n        \u003cretries\u003e3\u003c/retries\u003e\n      \u003c/dead_peer_detection\u003e\n    \u003c/ipsec\u003e\n  \u003c/ipsec_tunnel\u003e\n  \u003cipsec_tunnel\u003e\n    \u003ccustomer_gateway\u003e\n      \u003ctunnel_outside_address\u003e\n        \u003cip_address\u003e204.93.80.68\u003c/ip_address\u003e\n      \u003c/tunnel_outside_address\u003e\n      \u003ctunnel_inside_address\u003e\n        \u003cip_address\u003e169.254.40.150\u003c/ip_address\u003e\n        \u003cnetwork_mask\u003e255.255.255.252\u003c/network_mask\u003e\n        \u003cnetwork_cidr\u003e30\u003c/network_cidr\u003e\n      \u003c/tunnel_inside_address\u003e\n      \u003cbgp\u003e\n        \u003casn\u003e13364\u003c/asn\u003e\n        \u003chold_time\u003e30\u003c/hold_time\u003e\n      \u003c/bgp\u003e\n    \u003c/customer_gateway\u003e\n    \u003cvpn_gateway\u003e\n      \u003ctunnel_outside_address\u003e\n        \u003cip_address\u003e35.156.208.229\u003c/ip_address\u003e\n      \u003c/tunnel_outside_address\u003e\n      \u003ctunnel_inside_address\u003e\n        \u003cip_address\u003e169.254.40.149\u003c/ip_address\u003e\n        \u003cnetwork_mask\u003e255.255.255.252\u003c/network_mask\u003e\n        \u003cnetwork_cidr\u003e30\u003c/network_cidr\u003e\n      \u003c/tunnel_inside_address\u003e\n      \u003cbgp\u003e\n        \u003casn\u003e7224\u003c/asn\u003e\n        \u003chold_time\u003e30\u003c/hold_time\u003e\n      \u003c/bgp\u003e\n    \u003c/vpn_gateway\u003e\n    \u003cike\u003e\n      \u003cauthentication_protocol\u003esha1\u003c/authentication_protocol\u003e\n      \u003cencryption_protocol\u003eaes-128-cbc\u003c/encryption_protocol\u003e\n      \u003clifetime\u003e28800\u003c/lifetime\u003e\n      \u003cperfect_forward_secrecy\u003egroup2\u003c/perfect_forward_secrecy\u003e\n      \u003cmode\u003emain\u003c/mode\u003e\n      \u003cpre_shared_key\u003eRyn0GGaIqyrldhEGFr734jB.LzzFz93M\u003c/pre_shared_key\u003e\n    \u003c/ike\u003e\n    \u003cipsec\u003e\n      \u003cprotocol\u003eesp\u003c/protocol\u003e\n      \u003cauthentication_protocol\u003ehmac-sha1-96\u003c/authentication_protocol\u003e\n      \u003cencryption_protocol\u003eaes-128-cbc\u003c/encryption_protocol\u003e\n      \u003clifetime\u003e3600\u003c/lifetime\u003e\n      \u003cperfect_forward_secrecy\u003egroup2\u003c/perfect_forward_secrecy\u003e\n      \u003cmode\u003etunnel\u003c/mode\u003e\n      \u003cclear_df_bit\u003etrue\u003c/clear_df_bit\u003e\n      \u003cfragmentation_before_encryption\u003etrue\u003c/fragmentation_before_encryption\u003e\n      \u003ctcp_mss_adjustment\u003e1379\u003c/tcp_mss_adjustment\u003e\n      \u003cdead_peer_detection\u003e\n        \u003cinterval\u003e10\u003c/interval\u003e\n        \u003cretries\u003e3\u003c/retries\u003e\n      \u003c/dead_peer_detection\u003e\n    \u003c/ipsec\u003e\n  \u003c/ipsec_tunnel\u003e\n\u003c/vpn_connection\u003e\n",
                            "customer_gateway_id": "cgw-c0f678f0",
                            "id": "vpn-08d23561",
                            "routes.#": "0",
                            "static_routes_only": "false",
                            "tags.%": "5",
                            "tags.Name": "infra-prod-jive-vpn",
                            "tags.account_name": "jive-ps-prod",
                            "tags.pipeline_phase": "infra-prod",
                            "tags.region": "eu-central-1",
                            "tags.sla": "prod",
                            "tunnel1_address": "35.156.139.180",
                            "tunnel1_preshared_key": "zWufqjNihabC0eA7FO39sOZfYHhzbzf8",
                            "tunnel2_address": "35.156.208.229",
                            "tunnel2_preshared_key": "Ryn0GGaIqyrldhEGFr734jB.LzzFz93M",
                            "type": "ipsec.1",
                            "vgw_telemetry.#": "2",
                            "vgw_telemetry.1515103812.accepted_route_count": "0",
                            "vgw_telemetry.1515103812.last_status_change": "2017-05-12 23:00:31 +0000 UTC",
                            "vgw_telemetry.1515103812.outside_ip_address": "35.156.208.229",
                            "vgw_telemetry.1515103812.status": "DOWN",
                            "vgw_telemetry.1515103812.status_message": "IPSEC IS DOWN",
                            "vgw_telemetry.3767925230.accepted_route_count": "0",
                            "vgw_telemetry.3767925230.last_status_change": "2017-05-12 23:00:43 +0000 UTC",
                            "vgw_telemetry.3767925230.outside_ip_address": "35.156.139.180",
                            "vgw_telemetry.3767925230.status": "DOWN",
                            "vgw_telemetry.3767925230.status_message": "IPSEC IS DOWN",
                            "vpn_gateway_id": "vgw-0d29a53d"
                        },
                        "meta": {},
                        "tainted": false
                    },
                    "deposed": [],
                    "provider": ""
                },
                "aws_vpn_gateway.vgw": {
                    "type": "aws_vpn_gateway",
                    "depends_on": [
                        "aws_vpc.main"
                    ],
                    "primary": {
                        "id": "vgw-0d29a53d",
                        "attributes": {
                            "availability_zone": "",
                            "id": "vgw-0d29a53d",
                            "tags.%": "7",
                            "tags.Name": "infra-prod-vgw",
                            "tags.account_name": "jive-ps-prod",
                            "tags.jive_service": "infrastructure",
                            "tags.pipeline_phase": "infra-prod",
                            "tags.region": "eu-central-1",
                            "tags.service_component": "vpn_gateway",
                            "tags.sla": "prod",
                            "vpc_id": "vpc-4e9ba227"
                        },
                        "meta": {},
                        "tainted": false
                    },
                    "deposed": [],
                    "provider": ""
                },
                "data.template_file.bastion_user_data": {
                    "type": "template_file",
                    "depends_on": [
                        "aws_network_interface.bastion"
                    ],
                    "primary": {
                        "id": "2134665aaf93988894539e8dae74d9cc8b6fed06eb59700448bf3072dfaff8f8",
                        "attributes": {
                            "id": "2134665aaf93988894539e8dae74d9cc8b6fed06eb59700448bf3072dfaff8f8",
                            "rendered": "#!/bin/bash\n\ndeclare -r instance_id=$(curl -s http://169.254.169.254/latest/meta-data/instance-id)\ndeclare -r bi=10.127.61.7\ndeclare -r bastion_gw=\"${bi%.*}.1\"\n\nfunction_prep() {\n    # Get pip for awscli\n    yum install -y epel-release\n    yum install -y python-pip\n    pip install awscli\n}\n\nfunction_eni() {\n    # Attached the ENI to the Bastion instance\n    /usr/bin/aws ec2 attach-network-interface   --region eu-central-1 \\\n                                                --network-interface-id eni-b79035dd \\\n                                                --instance-id $instance_id \\\n                                                --device-index 1\n\n    # Give the ENI some time to get an IP and attach correctly\n    sleep 30\n}\n\nfunction_network() {\n    # Make eth1 the default route, set eth0 off, and set eth1 on, then restart the network\n    cat \u003c\u003cEOF \u003e /etc/sysconfig/network\nNETWORKING=yes\nNOZEROCONF=yes\nGATEWAY=$bastion_gw\nGATEWAYDEV=eth1\nEOF\n\n    cat \u003c\u003cEOF \u003e /etc/sysconfig/network-scripts/ifcfg-eth0\nDEVICE=\"eth0\"\nONBOOT=\"no\"\nEOF\n\n    cat \u003c\u003cEOF \u003e /etc/sysconfig/network-scripts/ifcfg-eth1\nDEVICE=eth1\nBOOTPROTO=static\nDHCPCLASS=\nIPADDR=10.127.61.7\nNETMASK=255.255.255.224\nONBOOT=yes\nEOF\n\n    systemctl restart network\n}\n\nfunction_nexus() {\n    # URL redirect fails without this entry\n    echo \"10.10.100.155 nexus-int.eng.jiveland.com\" \u003e\u003e /etc/hosts\n\n    # Script to download Ansible artifact from Nexus\n    cat \u003c\u003c'EOF' \u003e /tmp/get_nexus_artifact.sh\n#!/bin/bash\n# Argument = -h -v -i groupId:artifactId:version -c classifier -p packaging -r repository\n\n# Define Nexus Configuration\nNEXUS_BASE=nexus-int.eng.jiveland.com\nREST_PATH=/service/local\nART_REDIR=/artifact/maven/redirect\n\n# Read in Complete Set of Coordinates from the Command Line\nGROUP_ID=\nARTIFACT_ID=\nVERSION=\"LATEST\"\nCLASSIFIER=\"\"\nPACKAGING=tar.gz\nREPO=\"candidates\"\nVERBOSE=0\n\nwhile getopts \"hvi:c:p:\" OPTION\ndo\n     case $OPTION in\n         h)\n             usage\n             exit 1\n             ;;\n         i)\n\t     OIFS=$IFS\n             IFS=\":\"\n\t     GAV_COORD=( $OPTARG )\n\t     GROUP_ID=${GAV_COORD[0]}\n             ARTIFACT_ID=${GAV_COORD[1]}\n             VERSION=${GAV_COORD[2]}\n\t     IFS=$OIFS\n             ;;\n         c)\n             CLASSIFIER=$OPTARG\n             ;;\n         p)\n             PACKAGING=$OPTARG\n             ;;\n         v)\n             VERBOSE=1\n             ;;\n         ?)\n             usage\n             exit\n             ;;\n     esac\ndone\n\nif [[ -z $GROUP_ID ]] || [[ -z $ARTIFACT_ID ]] || [[ -z $VERSION ]]\nthen\n     echo \"BAD ARGUMENTS: Either groupId, artifactId, or version was not supplied\" \u003e\u00262\n     usage\n     exit 1\nfi\n\n# Construct the base URL\nREDIRECT_URL=${NEXUS_BASE}${REST_PATH}${ART_REDIR}\n\n# Generate the list of parameters\nPARAM_KEYS=( g a v r p c )\nPARAM_VALUES=( $GROUP_ID $ARTIFACT_ID $VERSION $REPO $PACKAGING $CLASSIFIER )\nPARAMS=\"\"\nfor index in ${!PARAM_KEYS[*]}\ndo\n  if [[ ${PARAM_VALUES[$index]} != \"\" ]]\n  then\n    PARAMS=\"${PARAMS}${PARAM_KEYS[$index]}=${PARAM_VALUES[$index]}\u0026\"\n  fi\ndone\n\nREDIRECT_URL=\"${REDIRECT_URL}?${PARAMS}\"\n\necho \"Fetching Artifact from $REDIRECT_URL...\" \u003e\u00262\ncurl -sS -L ${REDIRECT_URL}\nEOF\n    # Run script to download latest Ansible artifact and unpack\n    chmod +x /tmp/get_nexus_artifact.sh\n    /tmp/get_nexus_artifact.sh -i com.jivesoftware.techops:ansible-common:LATEST \u003e /tmp/ansible-common.tar.gz\n}\n\nfunction_ansible() {\n    # Need Sudo TTY\n    sed -i s/'Defaults    requiretty'/'#Defaults    requiretty'/ /etc/sudoers\n    # Disable SELINUX for SSSD\n    sed -i 's/^SELINUX=.*/SELINUX=disabled/' /etc/selinux/config\n    # Create Ansible working directories\n    mkdir -p /tmp/ansible-common\n    tar xf /tmp/ansible-common.tar.gz -C /tmp/ansible-common/\n    # Set Python to 2.6 and run Ansible locally\n    alternatives --set python /usr/bin/python2.6\n    yum install -y python-boto ansible\n\n    # Run Ansible\n    /tmp/ansible-common/bin/run_ansible.sh /tmp/ansible-common/playbook-bastion.yml -e region=eu-central-1 --connection=local -i /tmp/ansible-common/inventory_ec2/ \u003e\u003e /tmp/ansible-common/ansible_debug.log\n\n    # Change permissions on Ansible artifact so that ansible deploy pipeline\n    # can overwrite them in the future\n    chown -R ansible:service-users /tmp/ansible-common /tmp/ansible-common.tar.gz\n}\n\nfunction_restart() {\n    # Need to restart for SELINUX change.\n    shutdown -r now\n}\n\n# Run the things\nfunction_prep\nfunction_eni\nfunction_network\nfunction_nexus\nfunction_ansible\nfunction_restart\n",
                            "template": "#!/bin/bash\n\ndeclare -r instance_id=$(curl -s http://169.254.169.254/latest/meta-data/instance-id)\ndeclare -r bi=${bastion_ip}\ndeclare -r bastion_gw=\"$${bi%.*}.1\"\n\nfunction_prep() {\n    # Get pip for awscli\n    yum install -y epel-release\n    yum install -y python-pip\n    pip install awscli\n}\n\nfunction_eni() {\n    # Attached the ENI to the Bastion instance\n    /usr/bin/aws ec2 attach-network-interface   --region ${region} \\\n                                                --network-interface-id ${eni} \\\n                                                --instance-id $instance_id \\\n                                                --device-index 1\n\n    # Give the ENI some time to get an IP and attach correctly\n    sleep 30\n}\n\nfunction_network() {\n    # Make eth1 the default route, set eth0 off, and set eth1 on, then restart the network\n    cat \u003c\u003cEOF \u003e /etc/sysconfig/network\nNETWORKING=yes\nNOZEROCONF=yes\nGATEWAY=$bastion_gw\nGATEWAYDEV=eth1\nEOF\n\n    cat \u003c\u003cEOF \u003e /etc/sysconfig/network-scripts/ifcfg-eth0\nDEVICE=\"eth0\"\nONBOOT=\"no\"\nEOF\n\n    cat \u003c\u003cEOF \u003e /etc/sysconfig/network-scripts/ifcfg-eth1\nDEVICE=eth1\nBOOTPROTO=static\nDHCPCLASS=\nIPADDR=${bastion_ip}\nNETMASK=255.255.255.224\nONBOOT=yes\nEOF\n\n    systemctl restart network\n}\n\nfunction_nexus() {\n    # URL redirect fails without this entry\n    echo \"10.10.100.155 nexus-int.eng.jiveland.com\" \u003e\u003e /etc/hosts\n\n    # Script to download Ansible artifact from Nexus\n    cat \u003c\u003c'EOF' \u003e /tmp/get_nexus_artifact.sh\n#!/bin/bash\n# Argument = -h -v -i groupId:artifactId:version -c classifier -p packaging -r repository\n\n# Define Nexus Configuration\nNEXUS_BASE=nexus-int.eng.jiveland.com\nREST_PATH=/service/local\nART_REDIR=/artifact/maven/redirect\n\n# Read in Complete Set of Coordinates from the Command Line\nGROUP_ID=\nARTIFACT_ID=\nVERSION=\"LATEST\"\nCLASSIFIER=\"\"\nPACKAGING=tar.gz\nREPO=\"candidates\"\nVERBOSE=0\n\nwhile getopts \"hvi:c:p:\" OPTION\ndo\n     case $OPTION in\n         h)\n             usage\n             exit 1\n             ;;\n         i)\n\t     OIFS=$IFS\n             IFS=\":\"\n\t     GAV_COORD=( $OPTARG )\n\t     GROUP_ID=$${GAV_COORD[0]}\n             ARTIFACT_ID=$${GAV_COORD[1]}\n             VERSION=$${GAV_COORD[2]}\n\t     IFS=$OIFS\n             ;;\n         c)\n             CLASSIFIER=$OPTARG\n             ;;\n         p)\n             PACKAGING=$OPTARG\n             ;;\n         v)\n             VERBOSE=1\n             ;;\n         ?)\n             usage\n             exit\n             ;;\n     esac\ndone\n\nif [[ -z $GROUP_ID ]] || [[ -z $ARTIFACT_ID ]] || [[ -z $VERSION ]]\nthen\n     echo \"BAD ARGUMENTS: Either groupId, artifactId, or version was not supplied\" \u003e\u00262\n     usage\n     exit 1\nfi\n\n# Construct the base URL\nREDIRECT_URL=$${NEXUS_BASE}$${REST_PATH}$${ART_REDIR}\n\n# Generate the list of parameters\nPARAM_KEYS=( g a v r p c )\nPARAM_VALUES=( $GROUP_ID $ARTIFACT_ID $VERSION $REPO $PACKAGING $CLASSIFIER )\nPARAMS=\"\"\nfor index in $${!PARAM_KEYS[*]}\ndo\n  if [[ $${PARAM_VALUES[$index]} != \"\" ]]\n  then\n    PARAMS=\"$${PARAMS}$${PARAM_KEYS[$index]}=$${PARAM_VALUES[$index]}\u0026\"\n  fi\ndone\n\nREDIRECT_URL=\"$${REDIRECT_URL}?$${PARAMS}\"\n\necho \"Fetching Artifact from $REDIRECT_URL...\" \u003e\u00262\ncurl -sS -L $${REDIRECT_URL}\nEOF\n    # Run script to download latest Ansible artifact and unpack\n    chmod +x /tmp/get_nexus_artifact.sh\n    /tmp/get_nexus_artifact.sh -i com.jivesoftware.techops:ansible-common:LATEST \u003e /tmp/ansible-common.tar.gz\n}\n\nfunction_ansible() {\n    # Need Sudo TTY\n    sed -i s/'Defaults    requiretty'/'#Defaults    requiretty'/ /etc/sudoers\n    # Disable SELINUX for SSSD\n    sed -i 's/^SELINUX=.*/SELINUX=disabled/' /etc/selinux/config\n    # Create Ansible working directories\n    mkdir -p /tmp/ansible-common\n    tar xf /tmp/ansible-common.tar.gz -C /tmp/ansible-common/\n    # Set Python to 2.6 and run Ansible locally\n    alternatives --set python /usr/bin/python2.6\n    yum install -y python-boto ansible\n\n    # Run Ansible\n    /tmp/ansible-common/bin/run_ansible.sh /tmp/ansible-common/playbook-bastion.yml -e region=${region} --connection=local -i /tmp/ansible-common/inventory_ec2/ \u003e\u003e /tmp/ansible-common/ansible_debug.log\n\n    # Change permissions on Ansible artifact so that ansible deploy pipeline\n    # can overwrite them in the future\n    chown -R ansible:service-users /tmp/ansible-common /tmp/ansible-common.tar.gz\n}\n\nfunction_restart() {\n    # Need to restart for SELINUX change.\n    shutdown -r now\n}\n\n# Run the things\nfunction_prep\nfunction_eni\nfunction_network\nfunction_nexus\nfunction_ansible\nfunction_restart\n",
                            "vars.%": "5",
                            "vars.account_name": "jive-ps-prod",
                            "vars.bastion_ip": "10.127.61.7",
                            "vars.eni": "eni-b79035dd",
                            "vars.pipeline_phase": "infra-prod",
                            "vars.region": "eu-central-1"
                        },
                        "meta": {},
                        "tainted": false
                    },
                    "deposed": [],
                    "provider": ""
                }
            },
            "depends_on": []
        }
    ]
}
