{
    "version": 3,
    "terraform_version": "0.9.2",
    "serial": 27,
    "lineage": "32197646-487e-48f3-9a98-8a2da2bbec34",
    "modules": [
        {
            "path": [
                "root"
            ],
            "outputs": {},
            "resources": {
                "aws_eip.natgw.0": {
                    "type": "aws_eip",
                    "depends_on": [],
                    "primary": {
                        "id": "eipalloc-91c5a8f5",
                        "attributes": {
                            "association_id": "eipassoc-9f7b36a5",
                            "domain": "vpc",
                            "id": "eipalloc-91c5a8f5",
                            "instance": "",
                            "network_interface": "eni-bb989381",
                            "private_ip": "10.123.12.78",
                            "public_ip": "52.35.186.39",
                            "vpc": "true"
                        },
                        "meta": {},
                        "tainted": false
                    },
                    "deposed": [],
                    "provider": ""
                },
                "aws_eip.natgw.1": {
                    "type": "aws_eip",
                    "depends_on": [],
                    "primary": {
                        "id": "eipalloc-551f7b6f",
                        "attributes": {
                            "association_id": "eipassoc-e07f32da",
                            "domain": "vpc",
                            "id": "eipalloc-551f7b6f",
                            "instance": "",
                            "network_interface": "eni-adc12b86",
                            "private_ip": "10.123.12.192",
                            "public_ip": "52.41.24.211",
                            "vpc": "true"
                        },
                        "meta": {},
                        "tainted": false
                    },
                    "deposed": [],
                    "provider": ""
                },
                "aws_eip.natgw.2": {
                    "type": "aws_eip",
                    "depends_on": [],
                    "primary": {
                        "id": "eipalloc-3e1c7804",
                        "attributes": {
                            "association_id": "eipassoc-0f7e3335",
                            "domain": "vpc",
                            "id": "eipalloc-3e1c7804",
                            "instance": "",
                            "network_interface": "eni-3e93c032",
                            "private_ip": "10.123.13.45",
                            "public_ip": "52.25.56.197",
                            "vpc": "true"
                        },
                        "meta": {},
                        "tainted": false
                    },
                    "deposed": [],
                    "provider": ""
                },
                "aws_internet_gateway.igw": {
                    "type": "aws_internet_gateway",
                    "depends_on": [
                        "aws_vpc.main"
                    ],
                    "primary": {
                        "id": "igw-f3a4a096",
                        "attributes": {
                            "id": "igw-f3a4a096",
                            "tags.%": "5",
                            "tags.Name": "brewprod-igw",
                            "tags.account_name": "jive-data-brewprod",
                            "tags.pipeline_phase": "brewprod",
                            "tags.region": "us-west-2",
                            "tags.sla": "prod",
                            "vpc_id": "vpc-e818b28c"
                        },
                        "meta": {},
                        "tainted": false
                    },
                    "deposed": [],
                    "provider": ""
                },
                "aws_nat_gateway.natgw.0": {
                    "type": "aws_nat_gateway",
                    "depends_on": [
                        "aws_eip.natgw.*",
                        "aws_internet_gateway.igw",
                        "aws_subnet.public.*"
                    ],
                    "primary": {
                        "id": "nat-0bcea69c5087cb5f0",
                        "attributes": {
                            "allocation_id": "eipalloc-91c5a8f5",
                            "id": "nat-0bcea69c5087cb5f0",
                            "network_interface_id": "eni-bb989381",
                            "private_ip": "10.123.12.78",
                            "public_ip": "52.35.186.39",
                            "subnet_id": "subnet-3a59924c"
                        },
                        "meta": {},
                        "tainted": false
                    },
                    "deposed": [],
                    "provider": ""
                },
                "aws_nat_gateway.natgw.1": {
                    "type": "aws_nat_gateway",
                    "depends_on": [
                        "aws_eip.natgw.*",
                        "aws_internet_gateway.igw",
                        "aws_subnet.public.*"
                    ],
                    "primary": {
                        "id": "nat-0c562c12790705f84",
                        "attributes": {
                            "allocation_id": "eipalloc-551f7b6f",
                            "id": "nat-0c562c12790705f84",
                            "network_interface_id": "eni-adc12b86",
                            "private_ip": "10.123.12.192",
                            "public_ip": "52.41.24.211",
                            "subnet_id": "subnet-19d4657d"
                        },
                        "meta": {},
                        "tainted": false
                    },
                    "deposed": [],
                    "provider": ""
                },
                "aws_nat_gateway.natgw.2": {
                    "type": "aws_nat_gateway",
                    "depends_on": [
                        "aws_eip.natgw.*",
                        "aws_internet_gateway.igw",
                        "aws_subnet.public.*"
                    ],
                    "primary": {
                        "id": "nat-049633ed470d8e6b1",
                        "attributes": {
                            "allocation_id": "eipalloc-3e1c7804",
                            "id": "nat-049633ed470d8e6b1",
                            "network_interface_id": "eni-3e93c032",
                            "private_ip": "10.123.13.45",
                            "public_ip": "52.25.56.197",
                            "subnet_id": "subnet-967b61cf"
                        },
                        "meta": {},
                        "tainted": false
                    },
                    "deposed": [],
                    "provider": ""
                },
                "aws_route.bastion_natdc.0": {
                    "type": "aws_route",
                    "depends_on": [
                        "aws_route_table.natdc.*",
                        "aws_vpc_peering_connection.infra"
                    ],
                    "primary": {
                        "id": "r-rtb-a770edc32397222842",
                        "attributes": {
                            "destination_cidr_block": "10.127.24.7/32",
                            "destination_prefix_list_id": "",
                            "egress_only_gateway_id": "",
                            "gateway_id": "",
                            "id": "r-rtb-a770edc32397222842",
                            "instance_id": "",
                            "instance_owner_id": "",
                            "nat_gateway_id": "",
                            "network_interface_id": "",
                            "origin": "CreateRoute",
                            "route_table_id": "rtb-a770edc3",
                            "state": "active",
                            "vpc_peering_connection_id": "pcx-21b61c48"
                        },
                        "meta": {},
                        "tainted": false
                    },
                    "deposed": [],
                    "provider": ""
                },
                "aws_route.bastion_natdc.1": {
                    "type": "aws_route",
                    "depends_on": [
                        "aws_route_table.natdc.*",
                        "aws_vpc_peering_connection.infra"
                    ],
                    "primary": {
                        "id": "r-rtb-fd62b89b2397222842",
                        "attributes": {
                            "destination_cidr_block": "10.127.24.7/32",
                            "destination_prefix_list_id": "",
                            "egress_only_gateway_id": "",
                            "gateway_id": "",
                            "id": "r-rtb-fd62b89b2397222842",
                            "instance_id": "",
                            "instance_owner_id": "",
                            "nat_gateway_id": "",
                            "network_interface_id": "",
                            "origin": "CreateRoute",
                            "route_table_id": "rtb-fd62b89b",
                            "state": "active",
                            "vpc_peering_connection_id": "pcx-21b61c48"
                        },
                        "meta": {},
                        "tainted": false
                    },
                    "deposed": [],
                    "provider": ""
                },
                "aws_route.bastion_natdc.2": {
                    "type": "aws_route",
                    "depends_on": [
                        "aws_route_table.natdc.*",
                        "aws_vpc_peering_connection.infra"
                    ],
                    "primary": {
                        "id": "r-rtb-a763b9c12397222842",
                        "attributes": {
                            "destination_cidr_block": "10.127.24.7/32",
                            "destination_prefix_list_id": "",
                            "egress_only_gateway_id": "",
                            "gateway_id": "",
                            "id": "r-rtb-a763b9c12397222842",
                            "instance_id": "",
                            "instance_owner_id": "",
                            "nat_gateway_id": "",
                            "network_interface_id": "",
                            "origin": "CreateRoute",
                            "route_table_id": "rtb-a763b9c1",
                            "state": "active",
                            "vpc_peering_connection_id": "pcx-21b61c48"
                        },
                        "meta": {},
                        "tainted": false
                    },
                    "deposed": [],
                    "provider": ""
                },
                "aws_route.bastion_private": {
                    "type": "aws_route",
                    "depends_on": [
                        "aws_route_table.private",
                        "aws_vpc_peering_connection.infra"
                    ],
                    "primary": {
                        "id": "r-rtb-1370ed772397222842",
                        "attributes": {
                            "destination_cidr_block": "10.127.24.7/32",
                            "destination_prefix_list_id": "",
                            "egress_only_gateway_id": "",
                            "gateway_id": "",
                            "id": "r-rtb-1370ed772397222842",
                            "instance_id": "",
                            "instance_owner_id": "",
                            "nat_gateway_id": "",
                            "network_interface_id": "",
                            "origin": "CreateRoute",
                            "route_table_id": "rtb-1370ed77",
                            "state": "active",
                            "vpc_peering_connection_id": "pcx-21b61c48"
                        },
                        "meta": {},
                        "tainted": false
                    },
                    "deposed": [],
                    "provider": ""
                },
                "aws_route.bastion_public": {
                    "type": "aws_route",
                    "depends_on": [
                        "aws_route_table.public",
                        "aws_vpc_peering_connection.infra"
                    ],
                    "primary": {
                        "id": "r-rtb-1270ed762397222842",
                        "attributes": {
                            "destination_cidr_block": "10.127.24.7/32",
                            "destination_prefix_list_id": "",
                            "egress_only_gateway_id": "",
                            "gateway_id": "",
                            "id": "r-rtb-1270ed762397222842",
                            "instance_id": "",
                            "instance_owner_id": "",
                            "nat_gateway_id": "",
                            "network_interface_id": "",
                            "origin": "CreateRoute",
                            "route_table_id": "rtb-1270ed76",
                            "state": "active",
                            "vpc_peering_connection_id": "pcx-21b61c48"
                        },
                        "meta": {},
                        "tainted": false
                    },
                    "deposed": [],
                    "provider": ""
                },
                "aws_route.infra_natdc.0": {
                    "type": "aws_route",
                    "depends_on": [
                        "aws_vpc_peering_connection.infra"
                    ],
                    "primary": {
                        "id": "r-rtb-1cbb32781953954969",
                        "attributes": {
                            "destination_cidr_block": "10.123.0.0/20",
                            "destination_prefix_list_id": "",
                            "egress_only_gateway_id": "",
                            "gateway_id": "",
                            "id": "r-rtb-1cbb32781953954969",
                            "instance_id": "",
                            "instance_owner_id": "",
                            "nat_gateway_id": "",
                            "network_interface_id": "",
                            "origin": "CreateRoute",
                            "route_table_id": "rtb-1cbb3278",
                            "state": "active",
                            "vpc_peering_connection_id": "pcx-21b61c48"
                        },
                        "meta": {},
                        "tainted": false
                    },
                    "deposed": [],
                    "provider": ""
                },
                "aws_route.infra_natdc.1": {
                    "type": "aws_route",
                    "depends_on": [
                        "aws_vpc_peering_connection.infra"
                    ],
                    "primary": {
                        "id": "r-rtb-b360bad51953954969",
                        "attributes": {
                            "destination_cidr_block": "10.123.0.0/20",
                            "destination_prefix_list_id": "",
                            "egress_only_gateway_id": "",
                            "gateway_id": "",
                            "id": "r-rtb-b360bad51953954969",
                            "instance_id": "",
                            "instance_owner_id": "",
                            "nat_gateway_id": "",
                            "network_interface_id": "",
                            "origin": "CreateRoute",
                            "route_table_id": "rtb-b360bad5",
                            "state": "active",
                            "vpc_peering_connection_id": "pcx-21b61c48"
                        },
                        "meta": {},
                        "tainted": false
                    },
                    "deposed": [],
                    "provider": ""
                },
                "aws_route.infra_natdc.2": {
                    "type": "aws_route",
                    "depends_on": [
                        "aws_vpc_peering_connection.infra"
                    ],
                    "primary": {
                        "id": "r-rtb-a06db7c61953954969",
                        "attributes": {
                            "destination_cidr_block": "10.123.0.0/20",
                            "destination_prefix_list_id": "",
                            "egress_only_gateway_id": "",
                            "gateway_id": "",
                            "id": "r-rtb-a06db7c61953954969",
                            "instance_id": "",
                            "instance_owner_id": "",
                            "nat_gateway_id": "",
                            "network_interface_id": "",
                            "origin": "CreateRoute",
                            "route_table_id": "rtb-a06db7c6",
                            "state": "active",
                            "vpc_peering_connection_id": "pcx-21b61c48"
                        },
                        "meta": {},
                        "tainted": false
                    },
                    "deposed": [],
                    "provider": ""
                },
                "aws_route.infra_private": {
                    "type": "aws_route",
                    "depends_on": [
                        "aws_vpc_peering_connection.infra"
                    ],
                    "primary": {
                        "id": "r-rtb-51bb32351953954969",
                        "attributes": {
                            "destination_cidr_block": "10.123.0.0/20",
                            "destination_prefix_list_id": "",
                            "egress_only_gateway_id": "",
                            "gateway_id": "",
                            "id": "r-rtb-51bb32351953954969",
                            "instance_id": "",
                            "instance_owner_id": "",
                            "nat_gateway_id": "",
                            "network_interface_id": "",
                            "origin": "CreateRoute",
                            "route_table_id": "rtb-51bb3235",
                            "state": "active",
                            "vpc_peering_connection_id": "pcx-21b61c48"
                        },
                        "meta": {},
                        "tainted": false
                    },
                    "deposed": [],
                    "provider": ""
                },
                "aws_route.infra_public": {
                    "type": "aws_route",
                    "depends_on": [
                        "aws_vpc_peering_connection.infra"
                    ],
                    "primary": {
                        "id": "r-rtb-5cbb32381953954969",
                        "attributes": {
                            "destination_cidr_block": "10.123.0.0/20",
                            "destination_prefix_list_id": "",
                            "egress_only_gateway_id": "",
                            "gateway_id": "",
                            "id": "r-rtb-5cbb32381953954969",
                            "instance_id": "",
                            "instance_owner_id": "",
                            "nat_gateway_id": "",
                            "network_interface_id": "",
                            "origin": "CreateRoute",
                            "route_table_id": "rtb-5cbb3238",
                            "state": "active",
                            "vpc_peering_connection_id": "pcx-21b61c48"
                        },
                        "meta": {},
                        "tainted": false
                    },
                    "deposed": [],
                    "provider": ""
                },
                "aws_route.microservices_jcx_natdc.0": {
                    "type": "aws_route",
                    "depends_on": [
                        "aws_route_table.natdc.*"
                    ],
                    "primary": {
                        "id": "r-rtb-a770edc33789401802",
                        "attributes": {
                            "destination_cidr_block": "10.122.112.0/20",
                            "destination_prefix_list_id": "",
                            "egress_only_gateway_id": "",
                            "gateway_id": "",
                            "id": "r-rtb-a770edc33789401802",
                            "instance_id": "",
                            "instance_owner_id": "",
                            "nat_gateway_id": "",
                            "network_interface_id": "",
                            "origin": "CreateRoute",
                            "route_table_id": "rtb-a770edc3",
                            "state": "active",
                            "vpc_peering_connection_id": "pcx-1ef27d77"
                        },
                        "meta": {},
                        "tainted": false
                    },
                    "deposed": [],
                    "provider": ""
                },
                "aws_route.microservices_jcx_natdc.1": {
                    "type": "aws_route",
                    "depends_on": [
                        "aws_route_table.natdc.*"
                    ],
                    "primary": {
                        "id": "r-rtb-fd62b89b3789401802",
                        "attributes": {
                            "destination_cidr_block": "10.122.112.0/20",
                            "destination_prefix_list_id": "",
                            "egress_only_gateway_id": "",
                            "gateway_id": "",
                            "id": "r-rtb-fd62b89b3789401802",
                            "instance_id": "",
                            "instance_owner_id": "",
                            "nat_gateway_id": "",
                            "network_interface_id": "",
                            "origin": "CreateRoute",
                            "route_table_id": "rtb-fd62b89b",
                            "state": "active",
                            "vpc_peering_connection_id": "pcx-1ef27d77"
                        },
                        "meta": {},
                        "tainted": false
                    },
                    "deposed": [],
                    "provider": ""
                },
                "aws_route.microservices_jcx_natdc.2": {
                    "type": "aws_route",
                    "depends_on": [
                        "aws_route_table.natdc.*"
                    ],
                    "primary": {
                        "id": "r-rtb-a763b9c13789401802",
                        "attributes": {
                            "destination_cidr_block": "10.122.112.0/20",
                            "destination_prefix_list_id": "",
                            "egress_only_gateway_id": "",
                            "gateway_id": "",
                            "id": "r-rtb-a763b9c13789401802",
                            "instance_id": "",
                            "instance_owner_id": "",
                            "nat_gateway_id": "",
                            "network_interface_id": "",
                            "origin": "CreateRoute",
                            "route_table_id": "rtb-a763b9c1",
                            "state": "active",
                            "vpc_peering_connection_id": "pcx-1ef27d77"
                        },
                        "meta": {},
                        "tainted": false
                    },
                    "deposed": [],
                    "provider": ""
                },
                "aws_route.microservices_jcx_private": {
                    "type": "aws_route",
                    "depends_on": [
                        "aws_route_table.private"
                    ],
                    "primary": {
                        "id": "r-rtb-1370ed773789401802",
                        "attributes": {
                            "destination_cidr_block": "10.122.112.0/20",
                            "destination_prefix_list_id": "",
                            "egress_only_gateway_id": "",
                            "gateway_id": "",
                            "id": "r-rtb-1370ed773789401802",
                            "instance_id": "",
                            "instance_owner_id": "",
                            "nat_gateway_id": "",
                            "network_interface_id": "",
                            "origin": "CreateRoute",
                            "route_table_id": "rtb-1370ed77",
                            "state": "active",
                            "vpc_peering_connection_id": "pcx-1ef27d77"
                        },
                        "meta": {},
                        "tainted": false
                    },
                    "deposed": [],
                    "provider": ""
                },
                "aws_route.microservices_jcx_public": {
                    "type": "aws_route",
                    "depends_on": [
                        "aws_route_table.public"
                    ],
                    "primary": {
                        "id": "r-rtb-1270ed763789401802",
                        "attributes": {
                            "destination_cidr_block": "10.122.112.0/20",
                            "destination_prefix_list_id": "",
                            "egress_only_gateway_id": "",
                            "gateway_id": "",
                            "id": "r-rtb-1270ed763789401802",
                            "instance_id": "",
                            "instance_owner_id": "",
                            "nat_gateway_id": "",
                            "network_interface_id": "",
                            "origin": "CreateRoute",
                            "route_table_id": "rtb-1270ed76",
                            "state": "active",
                            "vpc_peering_connection_id": "pcx-1ef27d77"
                        },
                        "meta": {},
                        "tainted": false
                    },
                    "deposed": [],
                    "provider": ""
                },
                "aws_route.microservices_natdc.0": {
                    "type": "aws_route",
                    "depends_on": [
                        "aws_route_table.natdc.*"
                    ],
                    "primary": {
                        "id": "r-rtb-a770edc32455901786",
                        "attributes": {
                            "destination_cidr_block": "10.124.96.0/20",
                            "destination_prefix_list_id": "",
                            "egress_only_gateway_id": "",
                            "gateway_id": "",
                            "id": "r-rtb-a770edc32455901786",
                            "instance_id": "",
                            "instance_owner_id": "",
                            "nat_gateway_id": "",
                            "network_interface_id": "",
                            "origin": "CreateRoute",
                            "route_table_id": "rtb-a770edc3",
                            "state": "active",
                            "vpc_peering_connection_id": "pcx-e77bfc8e"
                        },
                        "meta": {},
                        "tainted": false
                    },
                    "deposed": [],
                    "provider": ""
                },
                "aws_route.microservices_natdc.1": {
                    "type": "aws_route",
                    "depends_on": [
                        "aws_route_table.natdc.*"
                    ],
                    "primary": {
                        "id": "r-rtb-fd62b89b2455901786",
                        "attributes": {
                            "destination_cidr_block": "10.124.96.0/20",
                            "destination_prefix_list_id": "",
                            "egress_only_gateway_id": "",
                            "gateway_id": "",
                            "id": "r-rtb-fd62b89b2455901786",
                            "instance_id": "",
                            "instance_owner_id": "",
                            "nat_gateway_id": "",
                            "network_interface_id": "",
                            "origin": "CreateRoute",
                            "route_table_id": "rtb-fd62b89b",
                            "state": "active",
                            "vpc_peering_connection_id": "pcx-e77bfc8e"
                        },
                        "meta": {},
                        "tainted": false
                    },
                    "deposed": [],
                    "provider": ""
                },
                "aws_route.microservices_natdc.2": {
                    "type": "aws_route",
                    "depends_on": [
                        "aws_route_table.natdc.*"
                    ],
                    "primary": {
                        "id": "r-rtb-a763b9c12455901786",
                        "attributes": {
                            "destination_cidr_block": "10.124.96.0/20",
                            "destination_prefix_list_id": "",
                            "egress_only_gateway_id": "",
                            "gateway_id": "",
                            "id": "r-rtb-a763b9c12455901786",
                            "instance_id": "",
                            "instance_owner_id": "",
                            "nat_gateway_id": "",
                            "network_interface_id": "",
                            "origin": "CreateRoute",
                            "route_table_id": "rtb-a763b9c1",
                            "state": "active",
                            "vpc_peering_connection_id": "pcx-e77bfc8e"
                        },
                        "meta": {},
                        "tainted": false
                    },
                    "deposed": [],
                    "provider": ""
                },
                "aws_route.microservices_private": {
                    "type": "aws_route",
                    "depends_on": [
                        "aws_route_table.private"
                    ],
                    "primary": {
                        "id": "r-rtb-1370ed772455901786",
                        "attributes": {
                            "destination_cidr_block": "10.124.96.0/20",
                            "destination_prefix_list_id": "",
                            "egress_only_gateway_id": "",
                            "gateway_id": "",
                            "id": "r-rtb-1370ed772455901786",
                            "instance_id": "",
                            "instance_owner_id": "",
                            "nat_gateway_id": "",
                            "network_interface_id": "",
                            "origin": "CreateRoute",
                            "route_table_id": "rtb-1370ed77",
                            "state": "active",
                            "vpc_peering_connection_id": "pcx-e77bfc8e"
                        },
                        "meta": {},
                        "tainted": false
                    },
                    "deposed": [],
                    "provider": ""
                },
                "aws_route.microservices_public": {
                    "type": "aws_route",
                    "depends_on": [
                        "aws_route_table.public"
                    ],
                    "primary": {
                        "id": "r-rtb-1270ed762455901786",
                        "attributes": {
                            "destination_cidr_block": "10.124.96.0/20",
                            "destination_prefix_list_id": "",
                            "egress_only_gateway_id": "",
                            "gateway_id": "",
                            "id": "r-rtb-1270ed762455901786",
                            "instance_id": "",
                            "instance_owner_id": "",
                            "nat_gateway_id": "",
                            "network_interface_id": "",
                            "origin": "CreateRoute",
                            "route_table_id": "rtb-1270ed76",
                            "state": "active",
                            "vpc_peering_connection_id": "pcx-e77bfc8e"
                        },
                        "meta": {},
                        "tainted": false
                    },
                    "deposed": [],
                    "provider": ""
                },
                "aws_route53_zone_association.route53": {
                    "type": "aws_route53_zone_association",
                    "depends_on": [
                        "aws_vpc.main"
                    ],
                    "primary": {
                        "id": "Z3QR57QN1EXLU9:vpc-e818b28c",
                        "attributes": {
                            "id": "Z3QR57QN1EXLU9:vpc-e818b28c",
                            "vpc_id": "vpc-e818b28c",
                            "vpc_region": "us-west-2",
                            "zone_id": "Z3QR57QN1EXLU9"
                        },
                        "meta": {},
                        "tainted": false
                    },
                    "deposed": [],
                    "provider": ""
                },
                "aws_route_table.natdc.0": {
                    "type": "aws_route_table",
                    "depends_on": [
                        "aws_nat_gateway.natgw",
                        "aws_vpc.main",
                        "aws_vpn_gateway.vgw"
                    ],
                    "primary": {
                        "id": "rtb-a770edc3",
                        "attributes": {
                            "id": "rtb-a770edc3",
                            "propagating_vgws.#": "1",
                            "propagating_vgws.2871544933": "vgw-5ca37a42",
                            "route.#": "4",
                            "route.1437414777.cidr_block": "10.124.96.0/20",
                            "route.1437414777.egress_only_gateway_id": "",
                            "route.1437414777.gateway_id": "",
                            "route.1437414777.instance_id": "",
                            "route.1437414777.ipv6_cidr_block": "",
                            "route.1437414777.nat_gateway_id": "",
                            "route.1437414777.network_interface_id": "",
                            "route.1437414777.vpc_peering_connection_id": "pcx-e77bfc8e",
                            "route.2658228050.cidr_block": "10.127.24.7/32",
                            "route.2658228050.egress_only_gateway_id": "",
                            "route.2658228050.gateway_id": "",
                            "route.2658228050.instance_id": "",
                            "route.2658228050.ipv6_cidr_block": "",
                            "route.2658228050.nat_gateway_id": "",
                            "route.2658228050.network_interface_id": "",
                            "route.2658228050.vpc_peering_connection_id": "pcx-21b61c48",
                            "route.2997841407.cidr_block": "0.0.0.0/0",
                            "route.2997841407.egress_only_gateway_id": "",
                            "route.2997841407.gateway_id": "",
                            "route.2997841407.instance_id": "",
                            "route.2997841407.ipv6_cidr_block": "",
                            "route.2997841407.nat_gateway_id": "nat-0bcea69c5087cb5f0",
                            "route.2997841407.network_interface_id": "",
                            "route.2997841407.vpc_peering_connection_id": "",
                            "route.3530374954.cidr_block": "10.122.112.0/20",
                            "route.3530374954.egress_only_gateway_id": "",
                            "route.3530374954.gateway_id": "",
                            "route.3530374954.instance_id": "",
                            "route.3530374954.ipv6_cidr_block": "",
                            "route.3530374954.nat_gateway_id": "",
                            "route.3530374954.network_interface_id": "",
                            "route.3530374954.vpc_peering_connection_id": "pcx-1ef27d77",
                            "tags.%": "5",
                            "tags.Name": "brewprod-natdc-routetable",
                            "tags.account_name": "jive-data-brewprod",
                            "tags.pipeline_phase": "brewprod",
                            "tags.region": "us-west-2",
                            "tags.sla": "prod",
                            "vpc_id": "vpc-e818b28c"
                        },
                        "meta": {},
                        "tainted": false
                    },
                    "deposed": [],
                    "provider": ""
                },
                "aws_route_table.natdc.1": {
                    "type": "aws_route_table",
                    "depends_on": [
                        "aws_nat_gateway.natgw.*",
                        "aws_vpc.main",
                        "aws_vpn_gateway.vgw"
                    ],
                    "primary": {
                        "id": "rtb-fd62b89b",
                        "attributes": {
                            "id": "rtb-fd62b89b",
                            "propagating_vgws.#": "1",
                            "propagating_vgws.2871544933": "vgw-5ca37a42",
                            "route.#": "4",
                            "route.1437414777.cidr_block": "10.124.96.0/20",
                            "route.1437414777.egress_only_gateway_id": "",
                            "route.1437414777.gateway_id": "",
                            "route.1437414777.instance_id": "",
                            "route.1437414777.ipv6_cidr_block": "",
                            "route.1437414777.nat_gateway_id": "",
                            "route.1437414777.network_interface_id": "",
                            "route.1437414777.vpc_peering_connection_id": "pcx-e77bfc8e",
                            "route.1719227372.cidr_block": "0.0.0.0/0",
                            "route.1719227372.egress_only_gateway_id": "",
                            "route.1719227372.gateway_id": "",
                            "route.1719227372.instance_id": "",
                            "route.1719227372.ipv6_cidr_block": "",
                            "route.1719227372.nat_gateway_id": "nat-0c562c12790705f84",
                            "route.1719227372.network_interface_id": "",
                            "route.1719227372.vpc_peering_connection_id": "",
                            "route.2658228050.cidr_block": "10.127.24.7/32",
                            "route.2658228050.egress_only_gateway_id": "",
                            "route.2658228050.gateway_id": "",
                            "route.2658228050.instance_id": "",
                            "route.2658228050.ipv6_cidr_block": "",
                            "route.2658228050.nat_gateway_id": "",
                            "route.2658228050.network_interface_id": "",
                            "route.2658228050.vpc_peering_connection_id": "pcx-21b61c48",
                            "route.3530374954.cidr_block": "10.122.112.0/20",
                            "route.3530374954.egress_only_gateway_id": "",
                            "route.3530374954.gateway_id": "",
                            "route.3530374954.instance_id": "",
                            "route.3530374954.ipv6_cidr_block": "",
                            "route.3530374954.nat_gateway_id": "",
                            "route.3530374954.network_interface_id": "",
                            "route.3530374954.vpc_peering_connection_id": "pcx-1ef27d77",
                            "tags.%": "5",
                            "tags.Name": "brewprod-natdc-routetable",
                            "tags.account_name": "jive-data-brewprod",
                            "tags.pipeline_phase": "brewprod",
                            "tags.region": "us-west-2",
                            "tags.sla": "prod",
                            "vpc_id": "vpc-e818b28c"
                        },
                        "meta": {},
                        "tainted": false
                    },
                    "deposed": [],
                    "provider": ""
                },
                "aws_route_table.natdc.2": {
                    "type": "aws_route_table",
                    "depends_on": [
                        "aws_nat_gateway.natgw.*",
                        "aws_vpc.main",
                        "aws_vpn_gateway.vgw"
                    ],
                    "primary": {
                        "id": "rtb-a763b9c1",
                        "attributes": {
                            "id": "rtb-a763b9c1",
                            "propagating_vgws.#": "1",
                            "propagating_vgws.2871544933": "vgw-5ca37a42",
                            "route.#": "4",
                            "route.1437414777.cidr_block": "10.124.96.0/20",
                            "route.1437414777.egress_only_gateway_id": "",
                            "route.1437414777.gateway_id": "",
                            "route.1437414777.instance_id": "",
                            "route.1437414777.ipv6_cidr_block": "",
                            "route.1437414777.nat_gateway_id": "",
                            "route.1437414777.network_interface_id": "",
                            "route.1437414777.vpc_peering_connection_id": "pcx-e77bfc8e",
                            "route.238679790.cidr_block": "0.0.0.0/0",
                            "route.238679790.egress_only_gateway_id": "",
                            "route.238679790.gateway_id": "",
                            "route.238679790.instance_id": "",
                            "route.238679790.ipv6_cidr_block": "",
                            "route.238679790.nat_gateway_id": "nat-049633ed470d8e6b1",
                            "route.238679790.network_interface_id": "",
                            "route.238679790.vpc_peering_connection_id": "",
                            "route.2658228050.cidr_block": "10.127.24.7/32",
                            "route.2658228050.egress_only_gateway_id": "",
                            "route.2658228050.gateway_id": "",
                            "route.2658228050.instance_id": "",
                            "route.2658228050.ipv6_cidr_block": "",
                            "route.2658228050.nat_gateway_id": "",
                            "route.2658228050.network_interface_id": "",
                            "route.2658228050.vpc_peering_connection_id": "pcx-21b61c48",
                            "route.3530374954.cidr_block": "10.122.112.0/20",
                            "route.3530374954.egress_only_gateway_id": "",
                            "route.3530374954.gateway_id": "",
                            "route.3530374954.instance_id": "",
                            "route.3530374954.ipv6_cidr_block": "",
                            "route.3530374954.nat_gateway_id": "",
                            "route.3530374954.network_interface_id": "",
                            "route.3530374954.vpc_peering_connection_id": "pcx-1ef27d77",
                            "tags.%": "5",
                            "tags.Name": "brewprod-natdc-routetable",
                            "tags.account_name": "jive-data-brewprod",
                            "tags.pipeline_phase": "brewprod",
                            "tags.region": "us-west-2",
                            "tags.sla": "prod",
                            "vpc_id": "vpc-e818b28c"
                        },
                        "meta": {},
                        "tainted": false
                    },
                    "deposed": [],
                    "provider": ""
                },
                "aws_route_table.private": {
                    "type": "aws_route_table",
                    "depends_on": [
                        "aws_vpc.main"
                    ],
                    "primary": {
                        "id": "rtb-1370ed77",
                        "attributes": {
                            "id": "rtb-1370ed77",
                            "propagating_vgws.#": "0",
                            "route.#": "3",
                            "route.1437414777.cidr_block": "10.124.96.0/20",
                            "route.1437414777.egress_only_gateway_id": "",
                            "route.1437414777.gateway_id": "",
                            "route.1437414777.instance_id": "",
                            "route.1437414777.ipv6_cidr_block": "",
                            "route.1437414777.nat_gateway_id": "",
                            "route.1437414777.network_interface_id": "",
                            "route.1437414777.vpc_peering_connection_id": "pcx-e77bfc8e",
                            "route.2658228050.cidr_block": "10.127.24.7/32",
                            "route.2658228050.egress_only_gateway_id": "",
                            "route.2658228050.gateway_id": "",
                            "route.2658228050.instance_id": "",
                            "route.2658228050.ipv6_cidr_block": "",
                            "route.2658228050.nat_gateway_id": "",
                            "route.2658228050.network_interface_id": "",
                            "route.2658228050.vpc_peering_connection_id": "pcx-21b61c48",
                            "route.3530374954.cidr_block": "10.122.112.0/20",
                            "route.3530374954.egress_only_gateway_id": "",
                            "route.3530374954.gateway_id": "",
                            "route.3530374954.instance_id": "",
                            "route.3530374954.ipv6_cidr_block": "",
                            "route.3530374954.nat_gateway_id": "",
                            "route.3530374954.network_interface_id": "",
                            "route.3530374954.vpc_peering_connection_id": "pcx-1ef27d77",
                            "tags.%": "5",
                            "tags.Name": "brewprod-private-routetable",
                            "tags.account_name": "jive-data-brewprod",
                            "tags.pipeline_phase": "brewprod",
                            "tags.region": "us-west-2",
                            "tags.sla": "prod",
                            "vpc_id": "vpc-e818b28c"
                        },
                        "meta": {},
                        "tainted": false
                    },
                    "deposed": [],
                    "provider": ""
                },
                "aws_route_table.public": {
                    "type": "aws_route_table",
                    "depends_on": [
                        "aws_internet_gateway.igw",
                        "aws_vpc.main"
                    ],
                    "primary": {
                        "id": "rtb-1270ed76",
                        "attributes": {
                            "id": "rtb-1270ed76",
                            "propagating_vgws.#": "0",
                            "route.#": "4",
                            "route.1054609135.cidr_block": "0.0.0.0/0",
                            "route.1054609135.egress_only_gateway_id": "",
                            "route.1054609135.gateway_id": "igw-f3a4a096",
                            "route.1054609135.instance_id": "",
                            "route.1054609135.ipv6_cidr_block": "",
                            "route.1054609135.nat_gateway_id": "",
                            "route.1054609135.network_interface_id": "",
                            "route.1054609135.vpc_peering_connection_id": "",
                            "route.1437414777.cidr_block": "10.124.96.0/20",
                            "route.1437414777.egress_only_gateway_id": "",
                            "route.1437414777.gateway_id": "",
                            "route.1437414777.instance_id": "",
                            "route.1437414777.ipv6_cidr_block": "",
                            "route.1437414777.nat_gateway_id": "",
                            "route.1437414777.network_interface_id": "",
                            "route.1437414777.vpc_peering_connection_id": "pcx-e77bfc8e",
                            "route.2658228050.cidr_block": "10.127.24.7/32",
                            "route.2658228050.egress_only_gateway_id": "",
                            "route.2658228050.gateway_id": "",
                            "route.2658228050.instance_id": "",
                            "route.2658228050.ipv6_cidr_block": "",
                            "route.2658228050.nat_gateway_id": "",
                            "route.2658228050.network_interface_id": "",
                            "route.2658228050.vpc_peering_connection_id": "pcx-21b61c48",
                            "route.3530374954.cidr_block": "10.122.112.0/20",
                            "route.3530374954.egress_only_gateway_id": "",
                            "route.3530374954.gateway_id": "",
                            "route.3530374954.instance_id": "",
                            "route.3530374954.ipv6_cidr_block": "",
                            "route.3530374954.nat_gateway_id": "",
                            "route.3530374954.network_interface_id": "",
                            "route.3530374954.vpc_peering_connection_id": "pcx-1ef27d77",
                            "tags.%": "6",
                            "tags.KubernetesCluster": "us-west-2_jive-data-brewprod",
                            "tags.Name": "brewprod-public-routetable",
                            "tags.account_name": "jive-data-brewprod",
                            "tags.pipeline_phase": "brewprod",
                            "tags.region": "us-west-2",
                            "tags.sla": "prod",
                            "vpc_id": "vpc-e818b28c"
                        },
                        "meta": {},
                        "tainted": false
                    },
                    "deposed": [],
                    "provider": ""
                },
                "aws_route_table_association.natdc.0": {
                    "type": "aws_route_table_association",
                    "depends_on": [
                        "aws_route_table.natdc.*",
                        "aws_subnet.natdc.*"
                    ],
                    "primary": {
                        "id": "rtbassoc-410ada38",
                        "attributes": {
                            "id": "rtbassoc-410ada38",
                            "route_table_id": "rtb-a770edc3",
                            "subnet_id": "subnet-3b59924d"
                        },
                        "meta": {},
                        "tainted": false
                    },
                    "deposed": [],
                    "provider": ""
                },
                "aws_route_table_association.natdc.1": {
                    "type": "aws_route_table_association",
                    "depends_on": [
                        "aws_route_table.natdc.*",
                        "aws_subnet.natdc.*"
                    ],
                    "primary": {
                        "id": "rtbassoc-2e08d857",
                        "attributes": {
                            "id": "rtbassoc-2e08d857",
                            "route_table_id": "rtb-fd62b89b",
                            "subnet_id": "subnet-1fd4657b"
                        },
                        "meta": {},
                        "tainted": false
                    },
                    "deposed": [],
                    "provider": ""
                },
                "aws_route_table_association.natdc.2": {
                    "type": "aws_route_table_association",
                    "depends_on": [
                        "aws_route_table.natdc.*",
                        "aws_subnet.natdc.*"
                    ],
                    "primary": {
                        "id": "rtbassoc-b206d6cb",
                        "attributes": {
                            "id": "rtbassoc-b206d6cb",
                            "route_table_id": "rtb-a763b9c1",
                            "subnet_id": "subnet-897b61d0"
                        },
                        "meta": {},
                        "tainted": false
                    },
                    "deposed": [],
                    "provider": ""
                },
                "aws_route_table_association.private.0": {
                    "type": "aws_route_table_association",
                    "depends_on": [
                        "aws_route_table.private",
                        "aws_subnet.private"
                    ],
                    "primary": {
                        "id": "rtbassoc-6a9c9a0e",
                        "attributes": {
                            "id": "rtbassoc-6a9c9a0e",
                            "route_table_id": "rtb-1370ed77",
                            "subnet_id": "subnet-3859924e"
                        },
                        "meta": {},
                        "tainted": false
                    },
                    "deposed": [],
                    "provider": ""
                },
                "aws_route_table_association.private.1": {
                    "type": "aws_route_table_association",
                    "depends_on": [
                        "aws_route_table.private",
                        "aws_subnet.private"
                    ],
                    "primary": {
                        "id": "rtbassoc-6b9c9a0f",
                        "attributes": {
                            "id": "rtbassoc-6b9c9a0f",
                            "route_table_id": "rtb-1370ed77",
                            "subnet_id": "subnet-18d4657c"
                        },
                        "meta": {},
                        "tainted": false
                    },
                    "deposed": [],
                    "provider": ""
                },
                "aws_route_table_association.private.2": {
                    "type": "aws_route_table_association",
                    "depends_on": [
                        "aws_route_table.private",
                        "aws_subnet.private"
                    ],
                    "primary": {
                        "id": "rtbassoc-699c9a0d",
                        "attributes": {
                            "id": "rtbassoc-699c9a0d",
                            "route_table_id": "rtb-1370ed77",
                            "subnet_id": "subnet-977b61ce"
                        },
                        "meta": {},
                        "tainted": false
                    },
                    "deposed": [],
                    "provider": ""
                },
                "aws_route_table_association.public.0": {
                    "type": "aws_route_table_association",
                    "depends_on": [
                        "aws_route_table.public",
                        "aws_subnet.public"
                    ],
                    "primary": {
                        "id": "rtbassoc-769c9a12",
                        "attributes": {
                            "id": "rtbassoc-769c9a12",
                            "route_table_id": "rtb-1270ed76",
                            "subnet_id": "subnet-3a59924c"
                        },
                        "meta": {},
                        "tainted": false
                    },
                    "deposed": [],
                    "provider": ""
                },
                "aws_route_table_association.public.1": {
                    "type": "aws_route_table_association",
                    "depends_on": [
                        "aws_route_table.public",
                        "aws_subnet.public"
                    ],
                    "primary": {
                        "id": "rtbassoc-759c9a11",
                        "attributes": {
                            "id": "rtbassoc-759c9a11",
                            "route_table_id": "rtb-1270ed76",
                            "subnet_id": "subnet-19d4657d"
                        },
                        "meta": {},
                        "tainted": false
                    },
                    "deposed": [],
                    "provider": ""
                },
                "aws_route_table_association.public.2": {
                    "type": "aws_route_table_association",
                    "depends_on": [
                        "aws_route_table.public",
                        "aws_subnet.public"
                    ],
                    "primary": {
                        "id": "rtbassoc-749c9a10",
                        "attributes": {
                            "id": "rtbassoc-749c9a10",
                            "route_table_id": "rtb-1270ed76",
                            "subnet_id": "subnet-967b61cf"
                        },
                        "meta": {},
                        "tainted": false
                    },
                    "deposed": [],
                    "provider": ""
                },
                "aws_security_group.admin_instance": {
                    "type": "aws_security_group",
                    "depends_on": [
                        "aws_vpc.main"
                    ],
                    "primary": {
                        "id": "sg-daede6bd",
                        "attributes": {
                            "description": "Admin instances for the VPC",
                            "egress.#": "0",
                            "id": "sg-daede6bd",
                            "ingress.#": "0",
                            "name": "brewprod-admin-instance",
                            "owner_id": "409573287771",
                            "tags.%": "5",
                            "tags.Name": "brewprod-admin-instance",
                            "tags.account_name": "jive-data-brewprod",
                            "tags.pipeline_phase": "brewprod",
                            "tags.region": "us-west-2",
                            "tags.sla": "prod",
                            "vpc_id": "vpc-e818b28c"
                        },
                        "meta": {},
                        "tainted": false
                    },
                    "deposed": [],
                    "provider": ""
                },
                "aws_security_group.env_instance": {
                    "type": "aws_security_group",
                    "depends_on": [
                        "aws_vpc.main",
                        "data.aws_security_group.bastion"
                    ],
                    "primary": {
                        "id": "sg-d9ede6be",
                        "attributes": {
                            "description": "All instances within the evironment",
                            "egress.#": "1",
                            "egress.482069346.cidr_blocks.#": "1",
                            "egress.482069346.cidr_blocks.0": "0.0.0.0/0",
                            "egress.482069346.from_port": "0",
                            "egress.482069346.ipv6_cidr_blocks.#": "0",
                            "egress.482069346.prefix_list_ids.#": "0",
                            "egress.482069346.protocol": "-1",
                            "egress.482069346.security_groups.#": "0",
                            "egress.482069346.self": "false",
                            "egress.482069346.to_port": "0",
                            "id": "sg-d9ede6be",
                            "ingress.#": "2",
                            "ingress.1372541450.cidr_blocks.#": "0",
                            "ingress.1372541450.from_port": "8",
                            "ingress.1372541450.ipv6_cidr_blocks.#": "0",
                            "ingress.1372541450.protocol": "icmp",
                            "ingress.1372541450.security_groups.#": "1",
                            "ingress.1372541450.security_groups.2359559984": "sg-dbdcecbc",
                            "ingress.1372541450.self": "false",
                            "ingress.1372541450.to_port": "0",
                            "ingress.3971714473.cidr_blocks.#": "0",
                            "ingress.3971714473.from_port": "22",
                            "ingress.3971714473.ipv6_cidr_blocks.#": "0",
                            "ingress.3971714473.protocol": "tcp",
                            "ingress.3971714473.security_groups.#": "1",
                            "ingress.3971714473.security_groups.2359559984": "sg-dbdcecbc",
                            "ingress.3971714473.self": "false",
                            "ingress.3971714473.to_port": "22",
                            "name": "brewprod-instance",
                            "owner_id": "409573287771",
                            "tags.%": "5",
                            "tags.Name": "brewprod-instance",
                            "tags.account_name": "jive-data-brewprod",
                            "tags.pipeline_phase": "brewprod",
                            "tags.region": "us-west-2",
                            "tags.sla": "prod",
                            "vpc_id": "vpc-e818b28c"
                        },
                        "meta": {},
                        "tainted": false
                    },
                    "deposed": [],
                    "provider": ""
                },
                "aws_security_group.natgw_instance": {
                    "type": "aws_security_group",
                    "depends_on": [
                        "aws_security_group.env_instance",
                        "aws_vpc.main"
                    ],
                    "primary": {
                        "id": "sg-a7ede6c0",
                        "attributes": {
                            "description": "Members of this SG are allowed to send any type of traffic to the NAT Box.",
                            "egress.#": "0",
                            "id": "sg-a7ede6c0",
                            "ingress.#": "1",
                            "ingress.3059203045.cidr_blocks.#": "0",
                            "ingress.3059203045.from_port": "0",
                            "ingress.3059203045.ipv6_cidr_blocks.#": "0",
                            "ingress.3059203045.protocol": "-1",
                            "ingress.3059203045.security_groups.#": "1",
                            "ingress.3059203045.security_groups.1461648550": "sg-d9ede6be",
                            "ingress.3059203045.self": "false",
                            "ingress.3059203045.to_port": "0",
                            "name": "brewprod-natgw-instance",
                            "owner_id": "409573287771",
                            "tags.%": "5",
                            "tags.Name": "brewprod-natgw-instance",
                            "tags.account_name": "jive-data-brewprod",
                            "tags.pipeline_phase": "brewprod",
                            "tags.region": "us-west-2",
                            "tags.sla": "prod",
                            "vpc_id": "vpc-e818b28c"
                        },
                        "meta": {},
                        "tainted": false
                    },
                    "deposed": [],
                    "provider": ""
                },
                "aws_subnet.natdc.0": {
                    "type": "aws_subnet",
                    "depends_on": [
                        "aws_vpc.main"
                    ],
                    "primary": {
                        "id": "subnet-3b59924d",
                        "attributes": {
                            "assign_ipv6_address_on_creation": "false",
                            "availability_zone": "us-west-2a",
                            "cidr_block": "10.123.0.0/22",
                            "id": "subnet-3b59924d",
                            "map_public_ip_on_launch": "false",
                            "tags.%": "7",
                            "tags.KubernetesCluster": "us-west-2_jive-data-brewprod",
                            "tags.Name": "brewprod-natdc-subnet",
                            "tags.account_name": "jive-data-brewprod",
                            "tags.kubernetes.io/role/internal-elb": "us-west-2_jive-data-brewprod",
                            "tags.pipeline_phase": "brewprod",
                            "tags.region": "us-west-2",
                            "tags.sla": "prod",
                            "vpc_id": "vpc-e818b28c"
                        },
                        "meta": {},
                        "tainted": false
                    },
                    "deposed": [],
                    "provider": ""
                },
                "aws_subnet.natdc.1": {
                    "type": "aws_subnet",
                    "depends_on": [
                        "aws_vpc.main"
                    ],
                    "primary": {
                        "id": "subnet-1fd4657b",
                        "attributes": {
                            "assign_ipv6_address_on_creation": "false",
                            "availability_zone": "us-west-2b",
                            "cidr_block": "10.123.4.0/22",
                            "id": "subnet-1fd4657b",
                            "map_public_ip_on_launch": "false",
                            "tags.%": "7",
                            "tags.KubernetesCluster": "us-west-2_jive-data-brewprod",
                            "tags.Name": "brewprod-natdc-subnet",
                            "tags.account_name": "jive-data-brewprod",
                            "tags.kubernetes.io/role/internal-elb": "us-west-2_jive-data-brewprod",
                            "tags.pipeline_phase": "brewprod",
                            "tags.region": "us-west-2",
                            "tags.sla": "prod",
                            "vpc_id": "vpc-e818b28c"
                        },
                        "meta": {},
                        "tainted": false
                    },
                    "deposed": [],
                    "provider": ""
                },
                "aws_subnet.natdc.2": {
                    "type": "aws_subnet",
                    "depends_on": [
                        "aws_vpc.main"
                    ],
                    "primary": {
                        "id": "subnet-897b61d0",
                        "attributes": {
                            "assign_ipv6_address_on_creation": "false",
                            "availability_zone": "us-west-2c",
                            "cidr_block": "10.123.8.0/22",
                            "id": "subnet-897b61d0",
                            "map_public_ip_on_launch": "false",
                            "tags.%": "7",
                            "tags.KubernetesCluster": "us-west-2_jive-data-brewprod",
                            "tags.Name": "brewprod-natdc-subnet",
                            "tags.account_name": "jive-data-brewprod",
                            "tags.kubernetes.io/role/internal-elb": "us-west-2_jive-data-brewprod",
                            "tags.pipeline_phase": "brewprod",
                            "tags.region": "us-west-2",
                            "tags.sla": "prod",
                            "vpc_id": "vpc-e818b28c"
                        },
                        "meta": {},
                        "tainted": false
                    },
                    "deposed": [],
                    "provider": ""
                },
                "aws_subnet.private.0": {
                    "type": "aws_subnet",
                    "depends_on": [
                        "aws_vpc.main"
                    ],
                    "primary": {
                        "id": "subnet-3859924e",
                        "attributes": {
                            "assign_ipv6_address_on_creation": "false",
                            "availability_zone": "us-west-2a",
                            "cidr_block": "10.123.13.128/25",
                            "id": "subnet-3859924e",
                            "map_public_ip_on_launch": "false",
                            "tags.%": "5",
                            "tags.Name": "brewprod-private-subnet",
                            "tags.account_name": "jive-data-brewprod",
                            "tags.pipeline_phase": "brewprod",
                            "tags.region": "us-west-2",
                            "tags.sla": "prod",
                            "vpc_id": "vpc-e818b28c"
                        },
                        "meta": {},
                        "tainted": false
                    },
                    "deposed": [],
                    "provider": ""
                },
                "aws_subnet.private.1": {
                    "type": "aws_subnet",
                    "depends_on": [
                        "aws_vpc.main"
                    ],
                    "primary": {
                        "id": "subnet-18d4657c",
                        "attributes": {
                            "assign_ipv6_address_on_creation": "false",
                            "availability_zone": "us-west-2b",
                            "cidr_block": "10.123.14.0/25",
                            "id": "subnet-18d4657c",
                            "map_public_ip_on_launch": "false",
                            "tags.%": "5",
                            "tags.Name": "brewprod-private-subnet",
                            "tags.account_name": "jive-data-brewprod",
                            "tags.pipeline_phase": "brewprod",
                            "tags.region": "us-west-2",
                            "tags.sla": "prod",
                            "vpc_id": "vpc-e818b28c"
                        },
                        "meta": {},
                        "tainted": false
                    },
                    "deposed": [],
                    "provider": ""
                },
                "aws_subnet.private.2": {
                    "type": "aws_subnet",
                    "depends_on": [
                        "aws_vpc.main"
                    ],
                    "primary": {
                        "id": "subnet-977b61ce",
                        "attributes": {
                            "assign_ipv6_address_on_creation": "false",
                            "availability_zone": "us-west-2c",
                            "cidr_block": "10.123.14.128/25",
                            "id": "subnet-977b61ce",
                            "map_public_ip_on_launch": "false",
                            "tags.%": "5",
                            "tags.Name": "brewprod-private-subnet",
                            "tags.account_name": "jive-data-brewprod",
                            "tags.pipeline_phase": "brewprod",
                            "tags.region": "us-west-2",
                            "tags.sla": "prod",
                            "vpc_id": "vpc-e818b28c"
                        },
                        "meta": {},
                        "tainted": false
                    },
                    "deposed": [],
                    "provider": ""
                },
                "aws_subnet.public.0": {
                    "type": "aws_subnet",
                    "depends_on": [
                        "aws_vpc.main"
                    ],
                    "primary": {
                        "id": "subnet-3a59924c",
                        "attributes": {
                            "assign_ipv6_address_on_creation": "false",
                            "availability_zone": "us-west-2a",
                            "cidr_block": "10.123.12.0/25",
                            "id": "subnet-3a59924c",
                            "map_public_ip_on_launch": "false",
                            "tags.%": "6",
                            "tags.KubernetesCluster": "us-west-2_jive-data-brewprod",
                            "tags.Name": "brewprod-public-subnet",
                            "tags.account_name": "jive-data-brewprod",
                            "tags.pipeline_phase": "brewprod",
                            "tags.region": "us-west-2",
                            "tags.sla": "prod",
                            "vpc_id": "vpc-e818b28c"
                        },
                        "meta": {},
                        "tainted": false
                    },
                    "deposed": [],
                    "provider": ""
                },
                "aws_subnet.public.1": {
                    "type": "aws_subnet",
                    "depends_on": [
                        "aws_vpc.main"
                    ],
                    "primary": {
                        "id": "subnet-19d4657d",
                        "attributes": {
                            "assign_ipv6_address_on_creation": "false",
                            "availability_zone": "us-west-2b",
                            "cidr_block": "10.123.12.128/25",
                            "id": "subnet-19d4657d",
                            "map_public_ip_on_launch": "false",
                            "tags.%": "6",
                            "tags.KubernetesCluster": "us-west-2_jive-data-brewprod",
                            "tags.Name": "brewprod-public-subnet",
                            "tags.account_name": "jive-data-brewprod",
                            "tags.pipeline_phase": "brewprod",
                            "tags.region": "us-west-2",
                            "tags.sla": "prod",
                            "vpc_id": "vpc-e818b28c"
                        },
                        "meta": {},
                        "tainted": false
                    },
                    "deposed": [],
                    "provider": ""
                },
                "aws_subnet.public.2": {
                    "type": "aws_subnet",
                    "depends_on": [
                        "aws_vpc.main"
                    ],
                    "primary": {
                        "id": "subnet-967b61cf",
                        "attributes": {
                            "assign_ipv6_address_on_creation": "false",
                            "availability_zone": "us-west-2c",
                            "cidr_block": "10.123.13.0/25",
                            "id": "subnet-967b61cf",
                            "map_public_ip_on_launch": "false",
                            "tags.%": "6",
                            "tags.KubernetesCluster": "us-west-2_jive-data-brewprod",
                            "tags.Name": "brewprod-public-subnet",
                            "tags.account_name": "jive-data-brewprod",
                            "tags.pipeline_phase": "brewprod",
                            "tags.region": "us-west-2",
                            "tags.sla": "prod",
                            "vpc_id": "vpc-e818b28c"
                        },
                        "meta": {},
                        "tainted": false
                    },
                    "deposed": [],
                    "provider": ""
                },
                "aws_vpc.main": {
                    "type": "aws_vpc",
                    "depends_on": [],
                    "primary": {
                        "id": "vpc-e818b28c",
                        "attributes": {
                            "assign_generated_ipv6_cidr_block": "false",
                            "cidr_block": "10.123.0.0/20",
                            "default_network_acl_id": "acl-820483e6",
                            "default_route_table_id": "rtb-1070ed74",
                            "default_security_group_id": "sg-dcede6bb",
                            "dhcp_options_id": "dopt-be1a66db",
                            "enable_classiclink": "false",
                            "enable_dns_hostnames": "true",
                            "enable_dns_support": "true",
                            "id": "vpc-e818b28c",
                            "instance_tenancy": "default",
                            "main_route_table_id": "rtb-1070ed74",
                            "tags.%": "5",
                            "tags.Name": "brewprod-vpc",
                            "tags.account_name": "jive-data-brewprod",
                            "tags.pipeline_phase": "brewprod",
                            "tags.region": "us-west-2",
                            "tags.sla": "prod"
                        },
                        "meta": {
                            "schema_version": "1"
                        },
                        "tainted": false
                    },
                    "deposed": [],
                    "provider": ""
                },
                "aws_vpc_peering_connection.infra": {
                    "type": "aws_vpc_peering_connection",
                    "depends_on": [
                        "aws_vpc.main"
                    ],
                    "primary": {
                        "id": "pcx-21b61c48",
                        "attributes": {
                            "accept_status": "active",
                            "accepter.#": "1",
                            "accepter.3244290774.allow_classic_link_to_remote_vpc": "false",
                            "accepter.3244290774.allow_remote_vpc_dns_resolution": "false",
                            "accepter.3244290774.allow_vpc_to_remote_classic_link": "false",
                            "auto_accept": "true",
                            "id": "pcx-21b61c48",
                            "peer_owner_id": "409573287771",
                            "peer_vpc_id": "vpc-74892910",
                            "requester.#": "1",
                            "requester.3244290774.allow_classic_link_to_remote_vpc": "false",
                            "requester.3244290774.allow_remote_vpc_dns_resolution": "false",
                            "requester.3244290774.allow_vpc_to_remote_classic_link": "false",
                            "tags.%": "5",
                            "tags.Name": "brewprod_to_infra-jive-data-brewprod",
                            "tags.account_name": "jive-data-brewprod",
                            "tags.pipeline_phase": "brewprod",
                            "tags.region": "us-west-2",
                            "tags.sla": "prod",
                            "vpc_id": "vpc-e818b28c"
                        },
                        "meta": {},
                        "tainted": false
                    },
                    "deposed": [],
                    "provider": ""
                },
                "aws_vpn_gateway.vgw": {
                    "type": "aws_vpn_gateway",
                    "depends_on": [
                        "aws_vpc.main"
                    ],
                    "primary": {
                        "id": "vgw-5ca37a42",
                        "attributes": {
                            "availability_zone": "",
                            "id": "vgw-5ca37a42",
                            "tags.%": "7",
                            "tags.Name": "brewprod-vgw",
                            "tags.account_name": "jive-data-brewprod",
                            "tags.jive_service": "infrastructure",
                            "tags.pipeline_phase": "brewprod",
                            "tags.region": "us-west-2",
                            "tags.service_component": "vpn_gateway",
                            "tags.sla": "prod",
                            "vpc_id": "vpc-e818b28c"
                        },
                        "meta": {},
                        "tainted": false
                    },
                    "deposed": [],
                    "provider": ""
                },
                "data.aws_security_group.bastion": {
                    "type": "aws_security_group",
                    "depends_on": [],
                    "primary": {
                        "id": "sg-dbdcecbc",
                        "attributes": {
                            "filter.#": "1",
                            "filter.1988431066.name": "tag:jive_service",
                            "filter.1988431066.values.#": "1",
                            "filter.1988431066.values.2480389212": "infrastructure",
                            "id": "sg-dbdcecbc",
                            "name": "infra-brewprod-jive-phx-dc",
                            "tags.%": "6",
                            "tags.Name": "infra-brewprod-jive-phx-dc",
                            "tags.account_name": "jive-data-brewprod",
                            "tags.jive_service": "infrastructure",
                            "tags.pipeline_phase": "infra-brewprod",
                            "tags.region": "us-west-2",
                            "tags.sla": "prod",
                            "vpc_id": "vpc-74892910"
                        },
                        "meta": {},
                        "tainted": false
                    },
                    "deposed": [],
                    "provider": ""
                }
            },
            "depends_on": []
        }
    ]
}
