{
    "version": 3,
    "terraform_version": "0.9.4",
    "serial": 3,
    "lineage": "5570a9e6-e660-4ae2-b464-34d98ebc24af",
    "modules": [
        {
            "path": [
                "root"
            ],
            "outputs": {},
            "resources": {
                "aws_autoscaling_group.bastion": {
                    "type": "aws_autoscaling_group",
                    "depends_on": [
                        "aws_launch_configuration.bastion",
                        "aws_subnet.natdc"
                    ],
                    "primary": {
                        "id": "infra-pipeline-bastion-asg-terraform-00096795901169cfadba826237",
                        "attributes": {
                            "arn": "arn:aws:autoscaling:us-east-1:811034720611:autoScalingGroup:0d9915a0-0220-4e38-843d-e4aa0c6d19e2:autoScalingGroupName/infra-pipeline-bastion-asg-terraform-00096795901169cfadba826237",
                            "availability_zones.#": "1",
                            "availability_zones.3569565595": "us-east-1a",
                            "default_cooldown": "300",
                            "desired_capacity": "1",
                            "force_delete": "false",
                            "health_check_grace_period": "300",
                            "health_check_type": "EC2",
                            "id": "infra-pipeline-bastion-asg-terraform-00096795901169cfadba826237",
                            "launch_configuration": "terraform-00096795901169cfadba826237",
                            "load_balancers.#": "0",
                            "max_size": "1",
                            "metrics_granularity": "1Minute",
                            "min_size": "1",
                            "name": "infra-pipeline-bastion-asg-terraform-00096795901169cfadba826237",
                            "placement_group": "",
                            "protect_from_scale_in": "false",
                            "suspended_processes.#": "0",
                            "tag.#": "8",
                            "tag.1907427875.key": "pipeline_phase",
                            "tag.1907427875.propagate_at_launch": "true",
                            "tag.1907427875.value": "infra-pipeline",
                            "tag.2053338224.key": "account_name",
                            "tag.2053338224.propagate_at_launch": "true",
                            "tag.2053338224.value": "jive-microservices-pipeline",
                            "tag.2220074062.key": "sla",
                            "tag.2220074062.propagate_at_launch": "true",
                            "tag.2220074062.value": "non-prod",
                            "tag.2734052481.key": "service_component",
                            "tag.2734052481.propagate_at_launch": "true",
                            "tag.2734052481.value": "bastion",
                            "tag.3357193003.key": "Name",
                            "tag.3357193003.propagate_at_launch": "true",
                            "tag.3357193003.value": "infra-pipeline-bastion-instance",
                            "tag.379152623.key": "region",
                            "tag.379152623.propagate_at_launch": "true",
                            "tag.379152623.value": "us-east-1",
                            "tag.797905596.key": "bastionip",
                            "tag.797905596.propagate_at_launch": "true",
                            "tag.797905596.value": "10.127.43.7",
                            "tag.853938758.key": "jive_service",
                            "tag.853938758.propagate_at_launch": "true",
                            "tag.853938758.value": "infrastructure",
                            "target_group_arns.#": "0",
                            "termination_policies.#": "0",
                            "vpc_zone_identifier.#": "1",
                            "vpc_zone_identifier.2168587743": "subnet-71fb1a15",
                            "wait_for_capacity_timeout": "10m"
                        },
                        "meta": {},
                        "tainted": false
                    },
                    "deposed": [],
                    "provider": ""
                },
                "aws_customer_gateway.corp_customer_gateway": {
                    "type": "aws_customer_gateway",
                    "depends_on": [],
                    "primary": {
                        "id": "cgw-d5b65cbc",
                        "attributes": {
                            "bgp_asn": "65000",
                            "id": "cgw-d5b65cbc",
                            "ip_address": "204.93.66.3",
                            "tags.%": "5",
                            "tags.Name": "infra-pipeline-corp-customer-gateway",
                            "tags.account_name": "jive-microservices-pipeline",
                            "tags.pipeline_phase": "infra-pipeline",
                            "tags.region": "us-east-1",
                            "tags.sla": "non-prod",
                            "type": "ipsec.1"
                        },
                        "meta": {},
                        "tainted": false
                    },
                    "deposed": [],
                    "provider": ""
                },
                "aws_customer_gateway.customer_gateway": {
                    "type": "aws_customer_gateway",
                    "depends_on": [],
                    "primary": {
                        "id": "cgw-d89d76b1",
                        "attributes": {
                            "bgp_asn": "13364",
                            "id": "cgw-d89d76b1",
                            "ip_address": "204.93.64.130",
                            "tags.%": "5",
                            "tags.Account_name": "jive-microservices-pipeline",
                            "tags.Name": "infra-pipeline-customer-gateway",
                            "tags.Pipeline_phase": "infra-pipeline",
                            "tags.Region": "us-east-1",
                            "tags.SLA": "non-prod",
                            "type": "ipsec.1"
                        },
                        "meta": {},
                        "tainted": false
                    },
                    "deposed": [],
                    "provider": ""
                },
                "aws_eip.natgw.0": {
                    "type": "aws_eip",
                    "depends_on": [],
                    "primary": {
                        "id": "eipalloc-f56689c6",
                        "attributes": {
                            "association_id": "eipassoc-29526b1b",
                            "domain": "vpc",
                            "id": "eipalloc-f56689c6",
                            "instance": "",
                            "network_interface": "eni-1ece6009",
                            "private_ip": "10.127.43.90",
                            "public_ip": "34.202.72.166",
                            "vpc": "true"
                        },
                        "meta": {},
                        "tainted": false
                    },
                    "deposed": [],
                    "provider": ""
                },
                "aws_eip.natgw.1": {
                    "type": "aws_eip",
                    "depends_on": [],
                    "primary": {
                        "id": "eipalloc-e5608fd6",
                        "attributes": {
                            "association_id": "eipassoc-b5516887",
                            "domain": "vpc",
                            "id": "eipalloc-e5608fd6",
                            "instance": "",
                            "network_interface": "eni-693859c6",
                            "private_ip": "10.127.43.105",
                            "public_ip": "52.55.35.96",
                            "vpc": "true"
                        },
                        "meta": {},
                        "tainted": false
                    },
                    "deposed": [],
                    "provider": ""
                },
                "aws_eip.natgw.2": {
                    "type": "aws_eip",
                    "depends_on": [],
                    "primary": {
                        "id": "eipalloc-e6608fd5",
                        "attributes": {
                            "association_id": "eipassoc-dd5168ef",
                            "domain": "vpc",
                            "id": "eipalloc-e6608fd5",
                            "instance": "",
                            "network_interface": "eni-6d7a6ebe",
                            "private_ip": "10.127.43.117",
                            "public_ip": "34.226.228.156",
                            "vpc": "true"
                        },
                        "meta": {},
                        "tainted": false
                    },
                    "deposed": [],
                    "provider": ""
                },
                "aws_eip.natgw.3": {
                    "type": "aws_eip",
                    "depends_on": [],
                    "primary": {
                        "id": "eipalloc-9f618eac",
                        "attributes": {
                            "association_id": "eipassoc-be51688c",
                            "domain": "vpc",
                            "id": "eipalloc-9f618eac",
                            "instance": "",
                            "network_interface": "eni-5b7d22f2",
                            "private_ip": "10.127.43.133",
                            "public_ip": "52.7.79.241",
                            "vpc": "true"
                        },
                        "meta": {},
                        "tainted": false
                    },
                    "deposed": [],
                    "provider": ""
                },
                "aws_eip.natgw.4": {
                    "type": "aws_eip",
                    "depends_on": [],
                    "primary": {
                        "id": "eipalloc-b9628d8a",
                        "attributes": {
                            "association_id": "eipassoc-c65168f4",
                            "domain": "vpc",
                            "id": "eipalloc-b9628d8a",
                            "instance": "",
                            "network_interface": "eni-a98e6da9",
                            "private_ip": "10.127.43.155",
                            "public_ip": "34.230.231.226",
                            "vpc": "true"
                        },
                        "meta": {},
                        "tainted": false
                    },
                    "deposed": [],
                    "provider": ""
                },
                "aws_internet_gateway.igw": {
                    "type": "aws_internet_gateway",
                    "depends_on": [
                        "aws_vpc.main"
                    ],
                    "primary": {
                        "id": "igw-a4672ec2",
                        "attributes": {
                            "id": "igw-a4672ec2",
                            "tags.%": "5",
                            "tags.Name": "infra-pipeline-igw",
                            "tags.account_name": "jive-microservices-pipeline",
                            "tags.pipeline_phase": "infra-pipeline",
                            "tags.region": "us-east-1",
                            "tags.sla": "non-prod",
                            "vpc_id": "vpc-3ce97245"
                        },
                        "meta": {},
                        "tainted": false
                    },
                    "deposed": [],
                    "provider": ""
                },
                "aws_launch_configuration.bastion": {
                    "type": "aws_launch_configuration",
                    "depends_on": [
                        "aws_security_group.jive_phx_dc",
                        "data.template_file.bastion_user_data"
                    ],
                    "primary": {
                        "id": "terraform-00096795901169cfadba826237",
                        "attributes": {
                            "associate_public_ip_address": "false",
                            "ebs_block_device.#": "0",
                            "ebs_optimized": "false",
                            "enable_monitoring": "true",
                            "ephemeral_block_device.#": "0",
                            "iam_instance_profile": "eni-attach-profile",
                            "id": "terraform-00096795901169cfadba826237",
                            "image_id": "ami-6d1c2007",
                            "instance_type": "t2.medium",
                            "key_name": "microservices-pipeline",
                            "name": "terraform-00096795901169cfadba826237",
                            "root_block_device.#": "1",
                            "root_block_device.0.delete_on_termination": "true",
                            "root_block_device.0.iops": "0",
                            "root_block_device.0.volume_size": "25",
                            "root_block_device.0.volume_type": "",
                            "security_groups.#": "1",
                            "security_groups.1106502445": "sg-cd652ebc",
                            "spot_price": "",
                            "user_data": "78df1f080dc1dfd10f4eadb4911c10225dd9935f",
                            "vpc_classic_link_id": "",
                            "vpc_classic_link_security_groups.#": "0"
                        },
                        "meta": {},
                        "tainted": false
                    },
                    "deposed": [],
                    "provider": ""
                },
                "aws_nat_gateway.natgw.0": {
                    "type": "aws_nat_gateway",
                    "depends_on": [
                        "aws_eip.natgw.*",
                        "aws_internet_gateway.igw",
                        "aws_subnet.public.*"
                    ],
                    "primary": {
                        "id": "nat-0d5a34d748bdee4e1",
                        "attributes": {
                            "allocation_id": "eipalloc-f56689c6",
                            "id": "nat-0d5a34d748bdee4e1",
                            "network_interface_id": "eni-1ece6009",
                            "private_ip": "10.127.43.90",
                            "public_ip": "34.202.72.166",
                            "subnet_id": "subnet-1cfb1a78"
                        },
                        "meta": {},
                        "tainted": false
                    },
                    "deposed": [],
                    "provider": ""
                },
                "aws_nat_gateway.natgw.1": {
                    "type": "aws_nat_gateway",
                    "depends_on": [
                        "aws_eip.natgw.*",
                        "aws_internet_gateway.igw",
                        "aws_subnet.public.*"
                    ],
                    "primary": {
                        "id": "nat-0d40d7e1a4781264a",
                        "attributes": {
                            "allocation_id": "eipalloc-e5608fd6",
                            "id": "nat-0d40d7e1a4781264a",
                            "network_interface_id": "eni-693859c6",
                            "private_ip": "10.127.43.105",
                            "public_ip": "52.55.35.96",
                            "subnet_id": "subnet-c7cf5ceb"
                        },
                        "meta": {},
                        "tainted": false
                    },
                    "deposed": [],
                    "provider": ""
                },
                "aws_nat_gateway.natgw.2": {
                    "type": "aws_nat_gateway",
                    "depends_on": [
                        "aws_eip.natgw.*",
                        "aws_internet_gateway.igw",
                        "aws_subnet.public.*"
                    ],
                    "primary": {
                        "id": "nat-0ec112919b11867c8",
                        "attributes": {
                            "allocation_id": "eipalloc-e6608fd5",
                            "id": "nat-0ec112919b11867c8",
                            "network_interface_id": "eni-6d7a6ebe",
                            "private_ip": "10.127.43.117",
                            "public_ip": "34.226.228.156",
                            "subnet_id": "subnet-60e3a828"
                        },
                        "meta": {},
                        "tainted": false
                    },
                    "deposed": [],
                    "provider": ""
                },
                "aws_nat_gateway.natgw.3": {
                    "type": "aws_nat_gateway",
                    "depends_on": [
                        "aws_eip.natgw.*",
                        "aws_internet_gateway.igw",
                        "aws_subnet.public.*"
                    ],
                    "primary": {
                        "id": "nat-0a1622aaeffd0ffab",
                        "attributes": {
                            "allocation_id": "eipalloc-9f618eac",
                            "id": "nat-0a1622aaeffd0ffab",
                            "network_interface_id": "eni-5b7d22f2",
                            "private_ip": "10.127.43.133",
                            "public_ip": "52.7.79.241",
                            "subnet_id": "subnet-bb9d16e1"
                        },
                        "meta": {},
                        "tainted": false
                    },
                    "deposed": [],
                    "provider": ""
                },
                "aws_nat_gateway.natgw.4": {
                    "type": "aws_nat_gateway",
                    "depends_on": [
                        "aws_eip.natgw.*",
                        "aws_internet_gateway.igw",
                        "aws_subnet.public.*"
                    ],
                    "primary": {
                        "id": "nat-0decd1c53ba7c7f50",
                        "attributes": {
                            "allocation_id": "eipalloc-b9628d8a",
                            "id": "nat-0decd1c53ba7c7f50",
                            "network_interface_id": "eni-a98e6da9",
                            "private_ip": "10.127.43.155",
                            "public_ip": "34.230.231.226",
                            "subnet_id": "subnet-196b6825"
                        },
                        "meta": {},
                        "tainted": false
                    },
                    "deposed": [],
                    "provider": ""
                },
                "aws_network_interface.bastion": {
                    "type": "aws_network_interface",
                    "depends_on": [
                        "aws_security_group.jive_phx_dc",
                        "aws_subnet.natdc"
                    ],
                    "primary": {
                        "id": "eni-eef658f9",
                        "attributes": {
                            "attachment.#": "1",
                            "attachment.1465836333.attachment_id": "eni-attach-daac3342",
                            "attachment.1465836333.device_index": "1",
                            "attachment.1465836333.instance": "i-0c93a43a17d49e243",
                            "description": "",
                            "id": "eni-eef658f9",
                            "private_ip": "10.127.43.7",
                            "private_ips.#": "1",
                            "private_ips.1533552589": "10.127.43.7",
                            "security_groups.#": "1",
                            "security_groups.1106502445": "sg-cd652ebc",
                            "source_dest_check": "true",
                            "subnet_id": "subnet-71fb1a15",
                            "tags.%": "7",
                            "tags.Name": "infra-pipeline-bastion-instance",
                            "tags.account_name": "jive-microservices-pipeline",
                            "tags.jive_service": "infrastructure",
                            "tags.pipeline_phase": "infra-pipeline",
                            "tags.region": "us-east-1",
                            "tags.service_component": "bastion",
                            "tags.sla": "non-prod"
                        },
                        "meta": {},
                        "tainted": false
                    },
                    "deposed": [],
                    "provider": ""
                },
                "aws_route53_record.bastion": {
                    "type": "aws_route53_record",
                    "depends_on": [],
                    "primary": {
                        "id": "Z31KC7C52TU6MQ_bastion-us-east-1-jive-microservices-pipeline_A",
                        "attributes": {
                            "fqdn": "bastion-us-east-1-jive-microservices-pipeline.jiveprivate.com",
                            "health_check_id": "",
                            "id": "Z31KC7C52TU6MQ_bastion-us-east-1-jive-microservices-pipeline_A",
                            "name": "bastion-us-east-1-jive-microservices-pipeline",
                            "records.#": "1",
                            "records.1533552589": "10.127.43.7",
                            "set_identifier": "",
                            "ttl": "60",
                            "type": "A",
                            "zone_id": "Z31KC7C52TU6MQ"
                        },
                        "meta": {
                            "schema_version": "2"
                        },
                        "tainted": false
                    },
                    "deposed": [],
                    "provider": ""
                },
                "aws_route53_zone_association.route53": {
                    "type": "aws_route53_zone_association",
                    "depends_on": [
                        "aws_vpc.main"
                    ],
                    "primary": {
                        "id": "Z31KC7C52TU6MQ:vpc-3ce97245",
                        "attributes": {
                            "id": "Z31KC7C52TU6MQ:vpc-3ce97245",
                            "vpc_id": "vpc-3ce97245",
                            "vpc_region": "us-east-1",
                            "zone_id": "Z31KC7C52TU6MQ"
                        },
                        "meta": {},
                        "tainted": false
                    },
                    "deposed": [],
                    "provider": ""
                },
                "aws_route_table.natdc.0": {
                    "type": "aws_route_table",
                    "depends_on": [
                        "aws_nat_gateway.natgw.*",
                        "aws_vpc.main",
                        "aws_vpn_gateway.vgw"
                    ],
                    "primary": {
                        "id": "rtb-11c5ec69",
                        "attributes": {
                            "id": "rtb-11c5ec69",
                            "propagating_vgws.#": "1",
                            "propagating_vgws.1531307873": "vgw-6f8e6506",
                            "route.#": "3",
                            "route.1129149747.cidr_block": "10.125.96.0/20",
                            "route.1129149747.egress_only_gateway_id": "",
                            "route.1129149747.gateway_id": "",
                            "route.1129149747.instance_id": "",
                            "route.1129149747.ipv6_cidr_block": "",
                            "route.1129149747.nat_gateway_id": "",
                            "route.1129149747.network_interface_id": "",
                            "route.1129149747.vpc_peering_connection_id": "pcx-26f7874f",
                            "route.2341688424.cidr_block": "0.0.0.0/0",
                            "route.2341688424.egress_only_gateway_id": "",
                            "route.2341688424.gateway_id": "",
                            "route.2341688424.instance_id": "",
                            "route.2341688424.ipv6_cidr_block": "",
                            "route.2341688424.nat_gateway_id": "nat-0d5a34d748bdee4e1",
                            "route.2341688424.network_interface_id": "",
                            "route.2341688424.vpc_peering_connection_id": "",
                            "route.3185606640.cidr_block": "10.125.0.0/19",
                            "route.3185606640.egress_only_gateway_id": "",
                            "route.3185606640.gateway_id": "",
                            "route.3185606640.instance_id": "",
                            "route.3185606640.ipv6_cidr_block": "",
                            "route.3185606640.nat_gateway_id": "",
                            "route.3185606640.network_interface_id": "",
                            "route.3185606640.vpc_peering_connection_id": "pcx-e4e0908d",
                            "tags.%": "5",
                            "tags.Name": "infra-pipeline-natdc-routetable",
                            "tags.account_name": "jive-microservices-pipeline",
                            "tags.pipeline_phase": "infra-pipeline",
                            "tags.region": "us-east-1",
                            "tags.sla": "non-prod",
                            "vpc_id": "vpc-3ce97245"
                        },
                        "meta": {},
                        "tainted": false
                    },
                    "deposed": [],
                    "provider": ""
                },
                "aws_route_table.natdc.1": {
                    "type": "aws_route_table",
                    "depends_on": [
                        "aws_nat_gateway.natgw.*",
                        "aws_vpc.main",
                        "aws_vpn_gateway.vgw"
                    ],
                    "primary": {
                        "id": "rtb-13d9f06b",
                        "attributes": {
                            "id": "rtb-13d9f06b",
                            "propagating_vgws.#": "1",
                            "propagating_vgws.1531307873": "vgw-6f8e6506",
                            "route.#": "3",
                            "route.1129149747.cidr_block": "10.125.96.0/20",
                            "route.1129149747.egress_only_gateway_id": "",
                            "route.1129149747.gateway_id": "",
                            "route.1129149747.instance_id": "",
                            "route.1129149747.ipv6_cidr_block": "",
                            "route.1129149747.nat_gateway_id": "",
                            "route.1129149747.network_interface_id": "",
                            "route.1129149747.vpc_peering_connection_id": "pcx-26f7874f",
                            "route.1635161058.cidr_block": "0.0.0.0/0",
                            "route.1635161058.egress_only_gateway_id": "",
                            "route.1635161058.gateway_id": "",
                            "route.1635161058.instance_id": "",
                            "route.1635161058.ipv6_cidr_block": "",
                            "route.1635161058.nat_gateway_id": "nat-0d40d7e1a4781264a",
                            "route.1635161058.network_interface_id": "",
                            "route.1635161058.vpc_peering_connection_id": "",
                            "route.3185606640.cidr_block": "10.125.0.0/19",
                            "route.3185606640.egress_only_gateway_id": "",
                            "route.3185606640.gateway_id": "",
                            "route.3185606640.instance_id": "",
                            "route.3185606640.ipv6_cidr_block": "",
                            "route.3185606640.nat_gateway_id": "",
                            "route.3185606640.network_interface_id": "",
                            "route.3185606640.vpc_peering_connection_id": "pcx-e4e0908d",
                            "tags.%": "5",
                            "tags.Name": "infra-pipeline-natdc-routetable",
                            "tags.account_name": "jive-microservices-pipeline",
                            "tags.pipeline_phase": "infra-pipeline",
                            "tags.region": "us-east-1",
                            "tags.sla": "non-prod",
                            "vpc_id": "vpc-3ce97245"
                        },
                        "meta": {},
                        "tainted": false
                    },
                    "deposed": [],
                    "provider": ""
                },
                "aws_route_table.natdc.2": {
                    "type": "aws_route_table",
                    "depends_on": [
                        "aws_nat_gateway.natgw.*",
                        "aws_vpc.main",
                        "aws_vpn_gateway.vgw"
                    ],
                    "primary": {
                        "id": "rtb-37dcf54f",
                        "attributes": {
                            "id": "rtb-37dcf54f",
                            "propagating_vgws.#": "1",
                            "propagating_vgws.1531307873": "vgw-6f8e6506",
                            "route.#": "3",
                            "route.1129149747.cidr_block": "10.125.96.0/20",
                            "route.1129149747.egress_only_gateway_id": "",
                            "route.1129149747.gateway_id": "",
                            "route.1129149747.instance_id": "",
                            "route.1129149747.ipv6_cidr_block": "",
                            "route.1129149747.nat_gateway_id": "",
                            "route.1129149747.network_interface_id": "",
                            "route.1129149747.vpc_peering_connection_id": "pcx-26f7874f",
                            "route.3185606640.cidr_block": "10.125.0.0/19",
                            "route.3185606640.egress_only_gateway_id": "",
                            "route.3185606640.gateway_id": "",
                            "route.3185606640.instance_id": "",
                            "route.3185606640.ipv6_cidr_block": "",
                            "route.3185606640.nat_gateway_id": "",
                            "route.3185606640.network_interface_id": "",
                            "route.3185606640.vpc_peering_connection_id": "pcx-e4e0908d",
                            "route.3756019019.cidr_block": "0.0.0.0/0",
                            "route.3756019019.egress_only_gateway_id": "",
                            "route.3756019019.gateway_id": "",
                            "route.3756019019.instance_id": "",
                            "route.3756019019.ipv6_cidr_block": "",
                            "route.3756019019.nat_gateway_id": "nat-0ec112919b11867c8",
                            "route.3756019019.network_interface_id": "",
                            "route.3756019019.vpc_peering_connection_id": "",
                            "tags.%": "5",
                            "tags.Name": "infra-pipeline-natdc-routetable",
                            "tags.account_name": "jive-microservices-pipeline",
                            "tags.pipeline_phase": "infra-pipeline",
                            "tags.region": "us-east-1",
                            "tags.sla": "non-prod",
                            "vpc_id": "vpc-3ce97245"
                        },
                        "meta": {},
                        "tainted": false
                    },
                    "deposed": [],
                    "provider": ""
                },
                "aws_route_table.natdc.3": {
                    "type": "aws_route_table",
                    "depends_on": [
                        "aws_nat_gateway.natgw.*",
                        "aws_vpc.main",
                        "aws_vpn_gateway.vgw"
                    ],
                    "primary": {
                        "id": "rtb-12d9f06a",
                        "attributes": {
                            "id": "rtb-12d9f06a",
                            "propagating_vgws.#": "1",
                            "propagating_vgws.1531307873": "vgw-6f8e6506",
                            "route.#": "3",
                            "route.1129149747.cidr_block": "10.125.96.0/20",
                            "route.1129149747.egress_only_gateway_id": "",
                            "route.1129149747.gateway_id": "",
                            "route.1129149747.instance_id": "",
                            "route.1129149747.ipv6_cidr_block": "",
                            "route.1129149747.nat_gateway_id": "",
                            "route.1129149747.network_interface_id": "",
                            "route.1129149747.vpc_peering_connection_id": "pcx-26f7874f",
                            "route.2965849536.cidr_block": "0.0.0.0/0",
                            "route.2965849536.egress_only_gateway_id": "",
                            "route.2965849536.gateway_id": "",
                            "route.2965849536.instance_id": "",
                            "route.2965849536.ipv6_cidr_block": "",
                            "route.2965849536.nat_gateway_id": "nat-0a1622aaeffd0ffab",
                            "route.2965849536.network_interface_id": "",
                            "route.2965849536.vpc_peering_connection_id": "",
                            "route.3185606640.cidr_block": "10.125.0.0/19",
                            "route.3185606640.egress_only_gateway_id": "",
                            "route.3185606640.gateway_id": "",
                            "route.3185606640.instance_id": "",
                            "route.3185606640.ipv6_cidr_block": "",
                            "route.3185606640.nat_gateway_id": "",
                            "route.3185606640.network_interface_id": "",
                            "route.3185606640.vpc_peering_connection_id": "pcx-e4e0908d",
                            "tags.%": "5",
                            "tags.Name": "infra-pipeline-natdc-routetable",
                            "tags.account_name": "jive-microservices-pipeline",
                            "tags.pipeline_phase": "infra-pipeline",
                            "tags.region": "us-east-1",
                            "tags.sla": "non-prod",
                            "vpc_id": "vpc-3ce97245"
                        },
                        "meta": {},
                        "tainted": false
                    },
                    "deposed": [],
                    "provider": ""
                },
                "aws_route_table.natdc.4": {
                    "type": "aws_route_table",
                    "depends_on": [
                        "aws_nat_gateway.natgw.*",
                        "aws_vpc.main",
                        "aws_vpn_gateway.vgw"
                    ],
                    "primary": {
                        "id": "rtb-58d8f120",
                        "attributes": {
                            "id": "rtb-58d8f120",
                            "propagating_vgws.#": "1",
                            "propagating_vgws.1531307873": "vgw-6f8e6506",
                            "route.#": "3",
                            "route.1129149747.cidr_block": "10.125.96.0/20",
                            "route.1129149747.egress_only_gateway_id": "",
                            "route.1129149747.gateway_id": "",
                            "route.1129149747.instance_id": "",
                            "route.1129149747.ipv6_cidr_block": "",
                            "route.1129149747.nat_gateway_id": "",
                            "route.1129149747.network_interface_id": "",
                            "route.1129149747.vpc_peering_connection_id": "pcx-26f7874f",
                            "route.3185606640.cidr_block": "10.125.0.0/19",
                            "route.3185606640.egress_only_gateway_id": "",
                            "route.3185606640.gateway_id": "",
                            "route.3185606640.instance_id": "",
                            "route.3185606640.ipv6_cidr_block": "",
                            "route.3185606640.nat_gateway_id": "",
                            "route.3185606640.network_interface_id": "",
                            "route.3185606640.vpc_peering_connection_id": "pcx-e4e0908d",
                            "route.899293970.cidr_block": "0.0.0.0/0",
                            "route.899293970.egress_only_gateway_id": "",
                            "route.899293970.gateway_id": "",
                            "route.899293970.instance_id": "",
                            "route.899293970.ipv6_cidr_block": "",
                            "route.899293970.nat_gateway_id": "nat-0decd1c53ba7c7f50",
                            "route.899293970.network_interface_id": "",
                            "route.899293970.vpc_peering_connection_id": "",
                            "tags.%": "5",
                            "tags.Name": "infra-pipeline-natdc-routetable",
                            "tags.account_name": "jive-microservices-pipeline",
                            "tags.pipeline_phase": "infra-pipeline",
                            "tags.region": "us-east-1",
                            "tags.sla": "non-prod",
                            "vpc_id": "vpc-3ce97245"
                        },
                        "meta": {},
                        "tainted": false
                    },
                    "deposed": [],
                    "provider": ""
                },
                "aws_route_table.private": {
                    "type": "aws_route_table",
                    "depends_on": [
                        "aws_vpc.main"
                    ],
                    "primary": {
                        "id": "rtb-9cddf4e4",
                        "attributes": {
                            "id": "rtb-9cddf4e4",
                            "propagating_vgws.#": "0",
                            "route.#": "2",
                            "route.1129149747.cidr_block": "10.125.96.0/20",
                            "route.1129149747.egress_only_gateway_id": "",
                            "route.1129149747.gateway_id": "",
                            "route.1129149747.instance_id": "",
                            "route.1129149747.ipv6_cidr_block": "",
                            "route.1129149747.nat_gateway_id": "",
                            "route.1129149747.network_interface_id": "",
                            "route.1129149747.vpc_peering_connection_id": "pcx-26f7874f",
                            "route.3185606640.cidr_block": "10.125.0.0/19",
                            "route.3185606640.egress_only_gateway_id": "",
                            "route.3185606640.gateway_id": "",
                            "route.3185606640.instance_id": "",
                            "route.3185606640.ipv6_cidr_block": "",
                            "route.3185606640.nat_gateway_id": "",
                            "route.3185606640.network_interface_id": "",
                            "route.3185606640.vpc_peering_connection_id": "pcx-e4e0908d",
                            "tags.%": "5",
                            "tags.Name": "infra-pipeline-private-routetable",
                            "tags.account_name": "jive-microservices-pipeline",
                            "tags.pipeline_phase": "infra-pipeline",
                            "tags.region": "us-east-1",
                            "tags.sla": "non-prod",
                            "vpc_id": "vpc-3ce97245"
                        },
                        "meta": {},
                        "tainted": false
                    },
                    "deposed": [],
                    "provider": ""
                },
                "aws_route_table.public": {
                    "type": "aws_route_table",
                    "depends_on": [
                        "aws_internet_gateway.igw",
                        "aws_vpc.main"
                    ],
                    "primary": {
                        "id": "rtb-a3d8f1db",
                        "attributes": {
                            "id": "rtb-a3d8f1db",
                            "propagating_vgws.#": "0",
                            "route.#": "3",
                            "route.1129149747.cidr_block": "10.125.96.0/20",
                            "route.1129149747.egress_only_gateway_id": "",
                            "route.1129149747.gateway_id": "",
                            "route.1129149747.instance_id": "",
                            "route.1129149747.ipv6_cidr_block": "",
                            "route.1129149747.nat_gateway_id": "",
                            "route.1129149747.network_interface_id": "",
                            "route.1129149747.vpc_peering_connection_id": "pcx-26f7874f",
                            "route.2905376154.cidr_block": "0.0.0.0/0",
                            "route.2905376154.egress_only_gateway_id": "",
                            "route.2905376154.gateway_id": "igw-a4672ec2",
                            "route.2905376154.instance_id": "",
                            "route.2905376154.ipv6_cidr_block": "",
                            "route.2905376154.nat_gateway_id": "",
                            "route.2905376154.network_interface_id": "",
                            "route.2905376154.vpc_peering_connection_id": "",
                            "route.3185606640.cidr_block": "10.125.0.0/19",
                            "route.3185606640.egress_only_gateway_id": "",
                            "route.3185606640.gateway_id": "",
                            "route.3185606640.instance_id": "",
                            "route.3185606640.ipv6_cidr_block": "",
                            "route.3185606640.nat_gateway_id": "",
                            "route.3185606640.network_interface_id": "",
                            "route.3185606640.vpc_peering_connection_id": "pcx-e4e0908d",
                            "tags.%": "5",
                            "tags.Name": "infra-pipeline-public-routetable",
                            "tags.account_name": "jive-microservices-pipeline",
                            "tags.pipeline_phase": "infra-pipeline",
                            "tags.region": "us-east-1",
                            "tags.sla": "non-prod",
                            "vpc_id": "vpc-3ce97245"
                        },
                        "meta": {},
                        "tainted": false
                    },
                    "deposed": [],
                    "provider": ""
                },
                "aws_route_table_association.natdc.0": {
                    "type": "aws_route_table_association",
                    "depends_on": [
                        "aws_route_table.natdc.*",
                        "aws_subnet.natdc.*"
                    ],
                    "primary": {
                        "id": "rtbassoc-1dbfa466",
                        "attributes": {
                            "id": "rtbassoc-1dbfa466",
                            "route_table_id": "rtb-11c5ec69",
                            "subnet_id": "subnet-aaf76486"
                        },
                        "meta": {},
                        "tainted": false
                    },
                    "deposed": [],
                    "provider": ""
                },
                "aws_route_table_association.natdc.1": {
                    "type": "aws_route_table_association",
                    "depends_on": [
                        "aws_route_table.natdc.*",
                        "aws_subnet.natdc.*"
                    ],
                    "primary": {
                        "id": "rtbassoc-1ebfa465",
                        "attributes": {
                            "id": "rtbassoc-1ebfa465",
                            "route_table_id": "rtb-13d9f06b",
                            "subnet_id": "subnet-16e4af5e"
                        },
                        "meta": {},
                        "tainted": false
                    },
                    "deposed": [],
                    "provider": ""
                },
                "aws_route_table_association.natdc.2": {
                    "type": "aws_route_table_association",
                    "depends_on": [
                        "aws_route_table.natdc.*",
                        "aws_subnet.natdc.*"
                    ],
                    "primary": {
                        "id": "rtbassoc-9bb7ace0",
                        "attributes": {
                            "id": "rtbassoc-9bb7ace0",
                            "route_table_id": "rtb-37dcf54f",
                            "subnet_id": "subnet-da870c80"
                        },
                        "meta": {},
                        "tainted": false
                    },
                    "deposed": [],
                    "provider": ""
                },
                "aws_route_table_association.natdc.3": {
                    "type": "aws_route_table_association",
                    "depends_on": [
                        "aws_route_table.natdc.*",
                        "aws_subnet.natdc.*"
                    ],
                    "primary": {
                        "id": "rtbassoc-2fbda654",
                        "attributes": {
                            "id": "rtbassoc-2fbda654",
                            "route_table_id": "rtb-12d9f06a",
                            "subnet_id": "subnet-64646758"
                        },
                        "meta": {},
                        "tainted": false
                    },
                    "deposed": [],
                    "provider": ""
                },
                "aws_route_table_association.natdc.4": {
                    "type": "aws_route_table_association",
                    "depends_on": [
                        "aws_route_table.natdc.*",
                        "aws_subnet.natdc.*"
                    ],
                    "primary": {
                        "id": "rtbassoc-8dbba0f6",
                        "attributes": {
                            "id": "rtbassoc-8dbba0f6",
                            "route_table_id": "rtb-58d8f120",
                            "subnet_id": "subnet-71fb1a15"
                        },
                        "meta": {},
                        "tainted": false
                    },
                    "deposed": [],
                    "provider": ""
                },
                "aws_route_table_association.private.0": {
                    "type": "aws_route_table_association",
                    "depends_on": [
                        "aws_route_table.private",
                        "aws_subnet.private.*"
                    ],
                    "primary": {
                        "id": "rtbassoc-2fbaa154",
                        "attributes": {
                            "id": "rtbassoc-2fbaa154",
                            "route_table_id": "rtb-9cddf4e4",
                            "subnet_id": "subnet-1dfb1a79"
                        },
                        "meta": {},
                        "tainted": false
                    },
                    "deposed": [],
                    "provider": ""
                },
                "aws_route_table_association.private.1": {
                    "type": "aws_route_table_association",
                    "depends_on": [
                        "aws_route_table.private",
                        "aws_subnet.private.*"
                    ],
                    "primary": {
                        "id": "rtbassoc-28baa153",
                        "attributes": {
                            "id": "rtbassoc-28baa153",
                            "route_table_id": "rtb-9cddf4e4",
                            "subnet_id": "subnet-3df06311"
                        },
                        "meta": {},
                        "tainted": false
                    },
                    "deposed": [],
                    "provider": ""
                },
                "aws_route_table_association.private.2": {
                    "type": "aws_route_table_association",
                    "depends_on": [
                        "aws_route_table.private",
                        "aws_subnet.private.*"
                    ],
                    "primary": {
                        "id": "rtbassoc-c1baa1ba",
                        "attributes": {
                            "id": "rtbassoc-c1baa1ba",
                            "route_table_id": "rtb-9cddf4e4",
                            "subnet_id": "subnet-5af9b212"
                        },
                        "meta": {},
                        "tainted": false
                    },
                    "deposed": [],
                    "provider": ""
                },
                "aws_route_table_association.private.3": {
                    "type": "aws_route_table_association",
                    "depends_on": [
                        "aws_route_table.private",
                        "aws_subnet.private.*"
                    ],
                    "primary": {
                        "id": "rtbassoc-1cb2a967",
                        "attributes": {
                            "id": "rtbassoc-1cb2a967",
                            "route_table_id": "rtb-9cddf4e4",
                            "subnet_id": "subnet-75840f2f"
                        },
                        "meta": {},
                        "tainted": false
                    },
                    "deposed": [],
                    "provider": ""
                },
                "aws_route_table_association.private.4": {
                    "type": "aws_route_table_association",
                    "depends_on": [
                        "aws_route_table.private",
                        "aws_subnet.private.*"
                    ],
                    "primary": {
                        "id": "rtbassoc-1db2a966",
                        "attributes": {
                            "id": "rtbassoc-1db2a966",
                            "route_table_id": "rtb-9cddf4e4",
                            "subnet_id": "subnet-0e626132"
                        },
                        "meta": {},
                        "tainted": false
                    },
                    "deposed": [],
                    "provider": ""
                },
                "aws_route_table_association.public.0": {
                    "type": "aws_route_table_association",
                    "depends_on": [
                        "aws_route_table.public",
                        "aws_subnet.public.*"
                    ],
                    "primary": {
                        "id": "rtbassoc-b4849fcf",
                        "attributes": {
                            "id": "rtbassoc-b4849fcf",
                            "route_table_id": "rtb-a3d8f1db",
                            "subnet_id": "subnet-1cfb1a78"
                        },
                        "meta": {},
                        "tainted": false
                    },
                    "deposed": [],
                    "provider": ""
                },
                "aws_route_table_association.public.1": {
                    "type": "aws_route_table_association",
                    "depends_on": [
                        "aws_route_table.public",
                        "aws_subnet.public.*"
                    ],
                    "primary": {
                        "id": "rtbassoc-6abca711",
                        "attributes": {
                            "id": "rtbassoc-6abca711",
                            "route_table_id": "rtb-a3d8f1db",
                            "subnet_id": "subnet-c7cf5ceb"
                        },
                        "meta": {},
                        "tainted": false
                    },
                    "deposed": [],
                    "provider": ""
                },
                "aws_route_table_association.public.2": {
                    "type": "aws_route_table_association",
                    "depends_on": [
                        "aws_route_table.public",
                        "aws_subnet.public.*"
                    ],
                    "primary": {
                        "id": "rtbassoc-b3bfa4c8",
                        "attributes": {
                            "id": "rtbassoc-b3bfa4c8",
                            "route_table_id": "rtb-a3d8f1db",
                            "subnet_id": "subnet-60e3a828"
                        },
                        "meta": {},
                        "tainted": false
                    },
                    "deposed": [],
                    "provider": ""
                },
                "aws_route_table_association.public.3": {
                    "type": "aws_route_table_association",
                    "depends_on": [
                        "aws_route_table.public",
                        "aws_subnet.public.*"
                    ],
                    "primary": {
                        "id": "rtbassoc-35b0ab4e",
                        "attributes": {
                            "id": "rtbassoc-35b0ab4e",
                            "route_table_id": "rtb-a3d8f1db",
                            "subnet_id": "subnet-bb9d16e1"
                        },
                        "meta": {},
                        "tainted": false
                    },
                    "deposed": [],
                    "provider": ""
                },
                "aws_route_table_association.public.4": {
                    "type": "aws_route_table_association",
                    "depends_on": [
                        "aws_route_table.public",
                        "aws_subnet.public.*"
                    ],
                    "primary": {
                        "id": "rtbassoc-02bca779",
                        "attributes": {
                            "id": "rtbassoc-02bca779",
                            "route_table_id": "rtb-a3d8f1db",
                            "subnet_id": "subnet-196b6825"
                        },
                        "meta": {},
                        "tainted": false
                    },
                    "deposed": [],
                    "provider": ""
                },
                "aws_security_group.env_instance": {
                    "type": "aws_security_group",
                    "depends_on": [
                        "aws_vpc.main"
                    ],
                    "primary": {
                        "id": "sg-fc2dd48f",
                        "attributes": {
                            "description": "Empty SG for all instances within the environment",
                            "egress.#": "0",
                            "id": "sg-fc2dd48f",
                            "ingress.#": "0",
                            "name": "infra-pipeline-instance",
                            "owner_id": "811034720611",
                            "tags.%": "5",
                            "tags.Name": "infra-pipeline-instance",
                            "tags.account_name": "jive-microservices-pipeline",
                            "tags.pipeline_phase": "infra-pipeline",
                            "tags.region": "us-east-1",
                            "tags.sla": "non-prod",
                            "vpc_id": "vpc-3ce97245"
                        },
                        "meta": {},
                        "tainted": false
                    },
                    "deposed": [],
                    "provider": ""
                },
                "aws_security_group.jive_phx_dc": {
                    "type": "aws_security_group",
                    "depends_on": [
                        "aws_vpc.main"
                    ],
                    "primary": {
                        "id": "sg-cd652ebc",
                        "attributes": {
                            "description": "Allow SSH and Ping from CIDRs within Jive PHX Data Center",
                            "egress.#": "1",
                            "egress.482069346.cidr_blocks.#": "1",
                            "egress.482069346.cidr_blocks.0": "0.0.0.0/0",
                            "egress.482069346.from_port": "0",
                            "egress.482069346.ipv6_cidr_blocks.#": "0",
                            "egress.482069346.prefix_list_ids.#": "0",
                            "egress.482069346.protocol": "-1",
                            "egress.482069346.security_groups.#": "0",
                            "egress.482069346.self": "false",
                            "egress.482069346.to_port": "0",
                            "id": "sg-cd652ebc",
                            "ingress.#": "2",
                            "ingress.179083333.cidr_blocks.#": "1",
                            "ingress.179083333.cidr_blocks.0": "10.0.0.0/8",
                            "ingress.179083333.from_port": "22",
                            "ingress.179083333.ipv6_cidr_blocks.#": "0",
                            "ingress.179083333.protocol": "tcp",
                            "ingress.179083333.security_groups.#": "0",
                            "ingress.179083333.self": "false",
                            "ingress.179083333.to_port": "22",
                            "ingress.3280021429.cidr_blocks.#": "1",
                            "ingress.3280021429.cidr_blocks.0": "10.0.0.0/8",
                            "ingress.3280021429.from_port": "8",
                            "ingress.3280021429.ipv6_cidr_blocks.#": "0",
                            "ingress.3280021429.protocol": "icmp",
                            "ingress.3280021429.security_groups.#": "0",
                            "ingress.3280021429.self": "false",
                            "ingress.3280021429.to_port": "0",
                            "name": "infra-pipeline-jive-phx-dc",
                            "owner_id": "811034720611",
                            "tags.%": "6",
                            "tags.Name": "infra-pipeline-jive-phx-dc",
                            "tags.account_name": "jive-microservices-pipeline",
                            "tags.jive_service": "infrastructure",
                            "tags.pipeline_phase": "infra-pipeline",
                            "tags.region": "us-east-1",
                            "tags.sla": "non-prod",
                            "vpc_id": "vpc-3ce97245"
                        },
                        "meta": {},
                        "tainted": false
                    },
                    "deposed": [],
                    "provider": ""
                },
                "aws_subnet.natdc.0": {
                    "type": "aws_subnet",
                    "depends_on": [
                        "aws_vpc.main"
                    ],
                    "primary": {
                        "id": "subnet-71fb1a15",
                        "attributes": {
                            "assign_ipv6_address_on_creation": "false",
                            "availability_zone": "us-east-1a",
                            "cidr_block": "10.127.43.0/28",
                            "id": "subnet-71fb1a15",
                            "map_public_ip_on_launch": "false",
                            "tags.%": "5",
                            "tags.Name": "infra-pipeline-natdc-subnet",
                            "tags.account_name": "jive-microservices-pipeline",
                            "tags.pipeline_phase": "infra-pipeline",
                            "tags.region": "us-east-1",
                            "tags.sla": "non-prod",
                            "vpc_id": "vpc-3ce97245"
                        },
                        "meta": {
                            "schema_version": "1"
                        },
                        "tainted": false
                    },
                    "deposed": [],
                    "provider": ""
                },
                "aws_subnet.natdc.1": {
                    "type": "aws_subnet",
                    "depends_on": [
                        "aws_vpc.main"
                    ],
                    "primary": {
                        "id": "subnet-aaf76486",
                        "attributes": {
                            "assign_ipv6_address_on_creation": "false",
                            "availability_zone": "us-east-1b",
                            "cidr_block": "10.127.43.16/28",
                            "id": "subnet-aaf76486",
                            "map_public_ip_on_launch": "false",
                            "tags.%": "5",
                            "tags.Name": "infra-pipeline-natdc-subnet",
                            "tags.account_name": "jive-microservices-pipeline",
                            "tags.pipeline_phase": "infra-pipeline",
                            "tags.region": "us-east-1",
                            "tags.sla": "non-prod",
                            "vpc_id": "vpc-3ce97245"
                        },
                        "meta": {
                            "schema_version": "1"
                        },
                        "tainted": false
                    },
                    "deposed": [],
                    "provider": ""
                },
                "aws_subnet.natdc.2": {
                    "type": "aws_subnet",
                    "depends_on": [
                        "aws_vpc.main"
                    ],
                    "primary": {
                        "id": "subnet-16e4af5e",
                        "attributes": {
                            "assign_ipv6_address_on_creation": "false",
                            "availability_zone": "us-east-1c",
                            "cidr_block": "10.127.43.32/28",
                            "id": "subnet-16e4af5e",
                            "map_public_ip_on_launch": "false",
                            "tags.%": "5",
                            "tags.Name": "infra-pipeline-natdc-subnet",
                            "tags.account_name": "jive-microservices-pipeline",
                            "tags.pipeline_phase": "infra-pipeline",
                            "tags.region": "us-east-1",
                            "tags.sla": "non-prod",
                            "vpc_id": "vpc-3ce97245"
                        },
                        "meta": {
                            "schema_version": "1"
                        },
                        "tainted": false
                    },
                    "deposed": [],
                    "provider": ""
                },
                "aws_subnet.natdc.3": {
                    "type": "aws_subnet",
                    "depends_on": [
                        "aws_vpc.main"
                    ],
                    "primary": {
                        "id": "subnet-da870c80",
                        "attributes": {
                            "assign_ipv6_address_on_creation": "false",
                            "availability_zone": "us-east-1d",
                            "cidr_block": "10.127.43.48/28",
                            "id": "subnet-da870c80",
                            "map_public_ip_on_launch": "false",
                            "tags.%": "5",
                            "tags.Name": "infra-pipeline-natdc-subnet",
                            "tags.account_name": "jive-microservices-pipeline",
                            "tags.pipeline_phase": "infra-pipeline",
                            "tags.region": "us-east-1",
                            "tags.sla": "non-prod",
                            "vpc_id": "vpc-3ce97245"
                        },
                        "meta": {
                            "schema_version": "1"
                        },
                        "tainted": false
                    },
                    "deposed": [],
                    "provider": ""
                },
                "aws_subnet.natdc.4": {
                    "type": "aws_subnet",
                    "depends_on": [
                        "aws_vpc.main"
                    ],
                    "primary": {
                        "id": "subnet-64646758",
                        "attributes": {
                            "assign_ipv6_address_on_creation": "false",
                            "availability_zone": "us-east-1e",
                            "cidr_block": "10.127.43.64/28",
                            "id": "subnet-64646758",
                            "map_public_ip_on_launch": "false",
                            "tags.%": "5",
                            "tags.Name": "infra-pipeline-natdc-subnet",
                            "tags.account_name": "jive-microservices-pipeline",
                            "tags.pipeline_phase": "infra-pipeline",
                            "tags.region": "us-east-1",
                            "tags.sla": "non-prod",
                            "vpc_id": "vpc-3ce97245"
                        },
                        "meta": {
                            "schema_version": "1"
                        },
                        "tainted": false
                    },
                    "deposed": [],
                    "provider": ""
                },
                "aws_subnet.private.0": {
                    "type": "aws_subnet",
                    "depends_on": [
                        "aws_vpc.main"
                    ],
                    "primary": {
                        "id": "subnet-1dfb1a79",
                        "attributes": {
                            "assign_ipv6_address_on_creation": "false",
                            "availability_zone": "us-east-1a",
                            "cidr_block": "10.127.43.160/28",
                            "id": "subnet-1dfb1a79",
                            "map_public_ip_on_launch": "false",
                            "tags.%": "5",
                            "tags.Name": "infra-pipeline-private-subnet",
                            "tags.account_name": "jive-microservices-pipeline",
                            "tags.pipeline_phase": "infra-pipeline",
                            "tags.region": "us-east-1",
                            "tags.sla": "non-prod",
                            "vpc_id": "vpc-3ce97245"
                        },
                        "meta": {
                            "schema_version": "1"
                        },
                        "tainted": false
                    },
                    "deposed": [],
                    "provider": ""
                },
                "aws_subnet.private.1": {
                    "type": "aws_subnet",
                    "depends_on": [
                        "aws_vpc.main"
                    ],
                    "primary": {
                        "id": "subnet-3df06311",
                        "attributes": {
                            "assign_ipv6_address_on_creation": "false",
                            "availability_zone": "us-east-1b",
                            "cidr_block": "10.127.43.176/28",
                            "id": "subnet-3df06311",
                            "map_public_ip_on_launch": "false",
                            "tags.%": "5",
                            "tags.Name": "infra-pipeline-private-subnet",
                            "tags.account_name": "jive-microservices-pipeline",
                            "tags.pipeline_phase": "infra-pipeline",
                            "tags.region": "us-east-1",
                            "tags.sla": "non-prod",
                            "vpc_id": "vpc-3ce97245"
                        },
                        "meta": {
                            "schema_version": "1"
                        },
                        "tainted": false
                    },
                    "deposed": [],
                    "provider": ""
                },
                "aws_subnet.private.2": {
                    "type": "aws_subnet",
                    "depends_on": [
                        "aws_vpc.main"
                    ],
                    "primary": {
                        "id": "subnet-5af9b212",
                        "attributes": {
                            "assign_ipv6_address_on_creation": "false",
                            "availability_zone": "us-east-1c",
                            "cidr_block": "10.127.43.192/28",
                            "id": "subnet-5af9b212",
                            "map_public_ip_on_launch": "false",
                            "tags.%": "5",
                            "tags.Name": "infra-pipeline-private-subnet",
                            "tags.account_name": "jive-microservices-pipeline",
                            "tags.pipeline_phase": "infra-pipeline",
                            "tags.region": "us-east-1",
                            "tags.sla": "non-prod",
                            "vpc_id": "vpc-3ce97245"
                        },
                        "meta": {
                            "schema_version": "1"
                        },
                        "tainted": false
                    },
                    "deposed": [],
                    "provider": ""
                },
                "aws_subnet.private.3": {
                    "type": "aws_subnet",
                    "depends_on": [
                        "aws_vpc.main"
                    ],
                    "primary": {
                        "id": "subnet-75840f2f",
                        "attributes": {
                            "assign_ipv6_address_on_creation": "false",
                            "availability_zone": "us-east-1d",
                            "cidr_block": "10.127.43.208/28",
                            "id": "subnet-75840f2f",
                            "map_public_ip_on_launch": "false",
                            "tags.%": "5",
                            "tags.Name": "infra-pipeline-private-subnet",
                            "tags.account_name": "jive-microservices-pipeline",
                            "tags.pipeline_phase": "infra-pipeline",
                            "tags.region": "us-east-1",
                            "tags.sla": "non-prod",
                            "vpc_id": "vpc-3ce97245"
                        },
                        "meta": {
                            "schema_version": "1"
                        },
                        "tainted": false
                    },
                    "deposed": [],
                    "provider": ""
                },
                "aws_subnet.private.4": {
                    "type": "aws_subnet",
                    "depends_on": [
                        "aws_vpc.main"
                    ],
                    "primary": {
                        "id": "subnet-0e626132",
                        "attributes": {
                            "assign_ipv6_address_on_creation": "false",
                            "availability_zone": "us-east-1e",
                            "cidr_block": "10.127.43.224/28",
                            "id": "subnet-0e626132",
                            "map_public_ip_on_launch": "false",
                            "tags.%": "5",
                            "tags.Name": "infra-pipeline-private-subnet",
                            "tags.account_name": "jive-microservices-pipeline",
                            "tags.pipeline_phase": "infra-pipeline",
                            "tags.region": "us-east-1",
                            "tags.sla": "non-prod",
                            "vpc_id": "vpc-3ce97245"
                        },
                        "meta": {
                            "schema_version": "1"
                        },
                        "tainted": false
                    },
                    "deposed": [],
                    "provider": ""
                },
                "aws_subnet.public.0": {
                    "type": "aws_subnet",
                    "depends_on": [
                        "aws_vpc.main"
                    ],
                    "primary": {
                        "id": "subnet-1cfb1a78",
                        "attributes": {
                            "assign_ipv6_address_on_creation": "false",
                            "availability_zone": "us-east-1a",
                            "cidr_block": "10.127.43.80/28",
                            "id": "subnet-1cfb1a78",
                            "map_public_ip_on_launch": "false",
                            "tags.%": "5",
                            "tags.Name": "infra-pipeline-public-subnet",
                            "tags.account_name": "jive-microservices-pipeline",
                            "tags.pipeline_phase": "infra-pipeline",
                            "tags.region": "us-east-1",
                            "tags.sla": "non-prod",
                            "vpc_id": "vpc-3ce97245"
                        },
                        "meta": {
                            "schema_version": "1"
                        },
                        "tainted": false
                    },
                    "deposed": [],
                    "provider": ""
                },
                "aws_subnet.public.1": {
                    "type": "aws_subnet",
                    "depends_on": [
                        "aws_vpc.main"
                    ],
                    "primary": {
                        "id": "subnet-c7cf5ceb",
                        "attributes": {
                            "assign_ipv6_address_on_creation": "false",
                            "availability_zone": "us-east-1b",
                            "cidr_block": "10.127.43.96/28",
                            "id": "subnet-c7cf5ceb",
                            "map_public_ip_on_launch": "false",
                            "tags.%": "5",
                            "tags.Name": "infra-pipeline-public-subnet",
                            "tags.account_name": "jive-microservices-pipeline",
                            "tags.pipeline_phase": "infra-pipeline",
                            "tags.region": "us-east-1",
                            "tags.sla": "non-prod",
                            "vpc_id": "vpc-3ce97245"
                        },
                        "meta": {
                            "schema_version": "1"
                        },
                        "tainted": false
                    },
                    "deposed": [],
                    "provider": ""
                },
                "aws_subnet.public.2": {
                    "type": "aws_subnet",
                    "depends_on": [
                        "aws_vpc.main"
                    ],
                    "primary": {
                        "id": "subnet-60e3a828",
                        "attributes": {
                            "assign_ipv6_address_on_creation": "false",
                            "availability_zone": "us-east-1c",
                            "cidr_block": "10.127.43.112/28",
                            "id": "subnet-60e3a828",
                            "map_public_ip_on_launch": "false",
                            "tags.%": "5",
                            "tags.Name": "infra-pipeline-public-subnet",
                            "tags.account_name": "jive-microservices-pipeline",
                            "tags.pipeline_phase": "infra-pipeline",
                            "tags.region": "us-east-1",
                            "tags.sla": "non-prod",
                            "vpc_id": "vpc-3ce97245"
                        },
                        "meta": {
                            "schema_version": "1"
                        },
                        "tainted": false
                    },
                    "deposed": [],
                    "provider": ""
                },
                "aws_subnet.public.3": {
                    "type": "aws_subnet",
                    "depends_on": [
                        "aws_vpc.main"
                    ],
                    "primary": {
                        "id": "subnet-bb9d16e1",
                        "attributes": {
                            "assign_ipv6_address_on_creation": "false",
                            "availability_zone": "us-east-1d",
                            "cidr_block": "10.127.43.128/28",
                            "id": "subnet-bb9d16e1",
                            "map_public_ip_on_launch": "false",
                            "tags.%": "5",
                            "tags.Name": "infra-pipeline-public-subnet",
                            "tags.account_name": "jive-microservices-pipeline",
                            "tags.pipeline_phase": "infra-pipeline",
                            "tags.region": "us-east-1",
                            "tags.sla": "non-prod",
                            "vpc_id": "vpc-3ce97245"
                        },
                        "meta": {
                            "schema_version": "1"
                        },
                        "tainted": false
                    },
                    "deposed": [],
                    "provider": ""
                },
                "aws_subnet.public.4": {
                    "type": "aws_subnet",
                    "depends_on": [
                        "aws_vpc.main"
                    ],
                    "primary": {
                        "id": "subnet-196b6825",
                        "attributes": {
                            "assign_ipv6_address_on_creation": "false",
                            "availability_zone": "us-east-1e",
                            "cidr_block": "10.127.43.144/28",
                            "id": "subnet-196b6825",
                            "map_public_ip_on_launch": "false",
                            "tags.%": "5",
                            "tags.Name": "infra-pipeline-public-subnet",
                            "tags.account_name": "jive-microservices-pipeline",
                            "tags.pipeline_phase": "infra-pipeline",
                            "tags.region": "us-east-1",
                            "tags.sla": "non-prod",
                            "vpc_id": "vpc-3ce97245"
                        },
                        "meta": {
                            "schema_version": "1"
                        },
                        "tainted": false
                    },
                    "deposed": [],
                    "provider": ""
                },
                "aws_vpc.main": {
                    "type": "aws_vpc",
                    "depends_on": [],
                    "primary": {
                        "id": "vpc-3ce97245",
                        "attributes": {
                            "assign_generated_ipv6_cidr_block": "false",
                            "cidr_block": "10.127.43.0/24",
                            "default_network_acl_id": "acl-1c080565",
                            "default_route_table_id": "rtb-3fc2eb47",
                            "default_security_group_id": "sg-2f561d5e",
                            "dhcp_options_id": "dopt-f94c1a9c",
                            "enable_classiclink": "false",
                            "enable_dns_hostnames": "true",
                            "enable_dns_support": "true",
                            "id": "vpc-3ce97245",
                            "instance_tenancy": "default",
                            "main_route_table_id": "rtb-3fc2eb47",
                            "tags.%": "5",
                            "tags.Name": "infra-pipeline-vpc",
                            "tags.account_name": "jive-microservices-pipeline",
                            "tags.pipeline_phase": "infra-pipeline",
                            "tags.region": "us-east-1",
                            "tags.sla": "non-prod"
                        },
                        "meta": {
                            "schema_version": "1"
                        },
                        "tainted": false
                    },
                    "deposed": [],
                    "provider": ""
                },
                "aws_vpn_connection.corp_main": {
                    "type": "aws_vpn_connection",
                    "depends_on": [
                        "aws_customer_gateway.corp_customer_gateway",
                        "aws_vpn_gateway.vgw"
                    ],
                    "primary": {
                        "id": "vpn-bf9d8ede",
                        "attributes": {
                            "customer_gateway_configuration": "\u003c?xml version=\"1.0\" encoding=\"UTF-8\"?\u003e\n\u003cvpn_connection id=\"vpn-bf9d8ede\"\u003e\n  \u003ccustomer_gateway_id\u003ecgw-d5b65cbc\u003c/customer_gateway_id\u003e\n  \u003cvpn_gateway_id\u003evgw-6f8e6506\u003c/vpn_gateway_id\u003e\n  \u003cvpn_connection_type\u003eipsec.1\u003c/vpn_connection_type\u003e\n  \u003cvpn_connection_attributes\u003eNoBGPVPNConnection\u003c/vpn_connection_attributes\u003e\n  \u003cipsec_tunnel\u003e\n    \u003ccustomer_gateway\u003e\n      \u003ctunnel_outside_address\u003e\n        \u003cip_address\u003e204.93.66.3\u003c/ip_address\u003e\n      \u003c/tunnel_outside_address\u003e\n      \u003ctunnel_inside_address\u003e\n        \u003cip_address\u003e169.254.44.154\u003c/ip_address\u003e\n        \u003cnetwork_mask\u003e255.255.255.252\u003c/network_mask\u003e\n        \u003cnetwork_cidr\u003e30\u003c/network_cidr\u003e\n      \u003c/tunnel_inside_address\u003e\n    \u003c/customer_gateway\u003e\n    \u003cvpn_gateway\u003e\n      \u003ctunnel_outside_address\u003e\n        \u003cip_address\u003e34.225.124.132\u003c/ip_address\u003e\n      \u003c/tunnel_outside_address\u003e\n      \u003ctunnel_inside_address\u003e\n        \u003cip_address\u003e169.254.44.153\u003c/ip_address\u003e\n        \u003cnetwork_mask\u003e255.255.255.252\u003c/network_mask\u003e\n        \u003cnetwork_cidr\u003e30\u003c/network_cidr\u003e\n      \u003c/tunnel_inside_address\u003e\n    \u003c/vpn_gateway\u003e\n    \u003cike\u003e\n      \u003cauthentication_protocol\u003esha1\u003c/authentication_protocol\u003e\n      \u003cencryption_protocol\u003eaes-128-cbc\u003c/encryption_protocol\u003e\n      \u003clifetime\u003e28800\u003c/lifetime\u003e\n      \u003cperfect_forward_secrecy\u003egroup2\u003c/perfect_forward_secrecy\u003e\n      \u003cmode\u003emain\u003c/mode\u003e\n      \u003cpre_shared_key\u003eFHxVRZrR.cp9v7Ohfq1ubfH91hEPb_yn\u003c/pre_shared_key\u003e\n    \u003c/ike\u003e\n    \u003cipsec\u003e\n      \u003cprotocol\u003eesp\u003c/protocol\u003e\n      \u003cauthentication_protocol\u003ehmac-sha1-96\u003c/authentication_protocol\u003e\n      \u003cencryption_protocol\u003eaes-128-cbc\u003c/encryption_protocol\u003e\n      \u003clifetime\u003e3600\u003c/lifetime\u003e\n      \u003cperfect_forward_secrecy\u003egroup2\u003c/perfect_forward_secrecy\u003e\n      \u003cmode\u003etunnel\u003c/mode\u003e\n      \u003cclear_df_bit\u003etrue\u003c/clear_df_bit\u003e\n      \u003cfragmentation_before_encryption\u003etrue\u003c/fragmentation_before_encryption\u003e\n      \u003ctcp_mss_adjustment\u003e1379\u003c/tcp_mss_adjustment\u003e\n      \u003cdead_peer_detection\u003e\n        \u003cinterval\u003e10\u003c/interval\u003e\n        \u003cretries\u003e3\u003c/retries\u003e\n      \u003c/dead_peer_detection\u003e\n    \u003c/ipsec\u003e\n  \u003c/ipsec_tunnel\u003e\n  \u003cipsec_tunnel\u003e\n    \u003ccustomer_gateway\u003e\n      \u003ctunnel_outside_address\u003e\n        \u003cip_address\u003e204.93.66.3\u003c/ip_address\u003e\n      \u003c/tunnel_outside_address\u003e\n      \u003ctunnel_inside_address\u003e\n        \u003cip_address\u003e169.254.47.86\u003c/ip_address\u003e\n        \u003cnetwork_mask\u003e255.255.255.252\u003c/network_mask\u003e\n        \u003cnetwork_cidr\u003e30\u003c/network_cidr\u003e\n      \u003c/tunnel_inside_address\u003e\n    \u003c/customer_gateway\u003e\n    \u003cvpn_gateway\u003e\n      \u003ctunnel_outside_address\u003e\n        \u003cip_address\u003e34.227.128.191\u003c/ip_address\u003e\n      \u003c/tunnel_outside_address\u003e\n      \u003ctunnel_inside_address\u003e\n        \u003cip_address\u003e169.254.47.85\u003c/ip_address\u003e\n        \u003cnetwork_mask\u003e255.255.255.252\u003c/network_mask\u003e\n        \u003cnetwork_cidr\u003e30\u003c/network_cidr\u003e\n      \u003c/tunnel_inside_address\u003e\n    \u003c/vpn_gateway\u003e\n    \u003cike\u003e\n      \u003cauthentication_protocol\u003esha1\u003c/authentication_protocol\u003e\n      \u003cencryption_protocol\u003eaes-128-cbc\u003c/encryption_protocol\u003e\n      \u003clifetime\u003e28800\u003c/lifetime\u003e\n      \u003cperfect_forward_secrecy\u003egroup2\u003c/perfect_forward_secrecy\u003e\n      \u003cmode\u003emain\u003c/mode\u003e\n      \u003cpre_shared_key\u003eNjjxGoanUGQYN.1uTE_nLAemDETcAAV0\u003c/pre_shared_key\u003e\n    \u003c/ike\u003e\n    \u003cipsec\u003e\n      \u003cprotocol\u003eesp\u003c/protocol\u003e\n      \u003cauthentication_protocol\u003ehmac-sha1-96\u003c/authentication_protocol\u003e\n      \u003cencryption_protocol\u003eaes-128-cbc\u003c/encryption_protocol\u003e\n      \u003clifetime\u003e3600\u003c/lifetime\u003e\n      \u003cperfect_forward_secrecy\u003egroup2\u003c/perfect_forward_secrecy\u003e\n      \u003cmode\u003etunnel\u003c/mode\u003e\n      \u003cclear_df_bit\u003etrue\u003c/clear_df_bit\u003e\n      \u003cfragmentation_before_encryption\u003etrue\u003c/fragmentation_before_encryption\u003e\n      \u003ctcp_mss_adjustment\u003e1379\u003c/tcp_mss_adjustment\u003e\n      \u003cdead_peer_detection\u003e\n        \u003cinterval\u003e10\u003c/interval\u003e\n        \u003cretries\u003e3\u003c/retries\u003e\n      \u003c/dead_peer_detection\u003e\n    \u003c/ipsec\u003e\n  \u003c/ipsec_tunnel\u003e\n\u003c/vpn_connection\u003e",
                            "customer_gateway_id": "cgw-d5b65cbc",
                            "id": "vpn-bf9d8ede",
                            "routes.#": "8",
                            "routes.1662141942.destination_cidr_block": "10.46.0.0/16",
                            "routes.1662141942.source": "",
                            "routes.1662141942.state": "available",
                            "routes.1720902168.destination_cidr_block": "10.61.0.0/16",
                            "routes.1720902168.source": "",
                            "routes.1720902168.state": "available",
                            "routes.1856423114.destination_cidr_block": "10.5.0.0/16",
                            "routes.1856423114.source": "",
                            "routes.1856423114.state": "available",
                            "routes.2664906423.destination_cidr_block": "10.84.0.0/16",
                            "routes.2664906423.source": "",
                            "routes.2664906423.state": "available",
                            "routes.2758324806.destination_cidr_block": "10.7.0.0/16",
                            "routes.2758324806.source": "",
                            "routes.2758324806.state": "available",
                            "routes.3042832040.destination_cidr_block": "10.81.0.0/16",
                            "routes.3042832040.source": "",
                            "routes.3042832040.state": "available",
                            "routes.3239020800.destination_cidr_block": "10.6.0.0/16",
                            "routes.3239020800.source": "",
                            "routes.3239020800.state": "available",
                            "routes.452240226.destination_cidr_block": "10.82.0.0/16",
                            "routes.452240226.source": "",
                            "routes.452240226.state": "available",
                            "static_routes_only": "true",
                            "tags.%": "5",
                            "tags.Name": "infra-pipeline-jive-vpn",
                            "tags.account_name": "jive-microservices-pipeline",
                            "tags.pipeline_phase": "infra-pipeline",
                            "tags.region": "us-east-1",
                            "tags.sla": "non-prod",
                            "tunnel1_address": "34.225.124.132",
                            "tunnel1_preshared_key": "FHxVRZrR.cp9v7Ohfq1ubfH91hEPb_yn",
                            "tunnel2_address": "34.227.128.191",
                            "tunnel2_preshared_key": "NjjxGoanUGQYN.1uTE_nLAemDETcAAV0",
                            "type": "ipsec.1",
                            "vgw_telemetry.#": "2",
                            "vgw_telemetry.3104782258.accepted_route_count": "8",
                            "vgw_telemetry.3104782258.last_status_change": "2017-09-12 22:11:25 +0000 UTC",
                            "vgw_telemetry.3104782258.outside_ip_address": "34.227.128.191",
                            "vgw_telemetry.3104782258.status": "DOWN",
                            "vgw_telemetry.3104782258.status_message": "",
                            "vgw_telemetry.3968004577.accepted_route_count": "8",
                            "vgw_telemetry.3968004577.last_status_change": "2017-09-12 22:08:20 +0000 UTC",
                            "vgw_telemetry.3968004577.outside_ip_address": "34.225.124.132",
                            "vgw_telemetry.3968004577.status": "DOWN",
                            "vgw_telemetry.3968004577.status_message": "",
                            "vpn_gateway_id": "vgw-6f8e6506"
                        },
                        "meta": {},
                        "tainted": false
                    },
                    "deposed": [],
                    "provider": ""
                },
                "aws_vpn_connection.main": {
                    "type": "aws_vpn_connection",
                    "depends_on": [
                        "aws_customer_gateway.customer_gateway",
                        "aws_vpn_gateway.vgw"
                    ],
                    "primary": {
                        "id": "vpn-39455658",
                        "attributes": {
                            "customer_gateway_configuration": "\u003c?xml version=\"1.0\" encoding=\"UTF-8\"?\u003e\n\u003cvpn_connection id=\"vpn-39455658\"\u003e\n  \u003ccustomer_gateway_id\u003ecgw-d89d76b1\u003c/customer_gateway_id\u003e\n  \u003cvpn_gateway_id\u003evgw-6f8e6506\u003c/vpn_gateway_id\u003e\n  \u003cvpn_connection_type\u003eipsec.1\u003c/vpn_connection_type\u003e\n  \u003cipsec_tunnel\u003e\n    \u003ccustomer_gateway\u003e\n      \u003ctunnel_outside_address\u003e\n        \u003cip_address\u003e204.93.64.130\u003c/ip_address\u003e\n      \u003c/tunnel_outside_address\u003e\n      \u003ctunnel_inside_address\u003e\n        \u003cip_address\u003e169.254.47.202\u003c/ip_address\u003e\n        \u003cnetwork_mask\u003e255.255.255.252\u003c/network_mask\u003e\n        \u003cnetwork_cidr\u003e30\u003c/network_cidr\u003e\n      \u003c/tunnel_inside_address\u003e\n      \u003cbgp\u003e\n        \u003casn\u003e13364\u003c/asn\u003e\n        \u003chold_time\u003e30\u003c/hold_time\u003e\n      \u003c/bgp\u003e\n    \u003c/customer_gateway\u003e\n    \u003cvpn_gateway\u003e\n      \u003ctunnel_outside_address\u003e\n        \u003cip_address\u003e34.225.64.117\u003c/ip_address\u003e\n      \u003c/tunnel_outside_address\u003e\n      \u003ctunnel_inside_address\u003e\n        \u003cip_address\u003e169.254.47.201\u003c/ip_address\u003e\n        \u003cnetwork_mask\u003e255.255.255.252\u003c/network_mask\u003e\n        \u003cnetwork_cidr\u003e30\u003c/network_cidr\u003e\n      \u003c/tunnel_inside_address\u003e\n      \u003cbgp\u003e\n        \u003casn\u003e7224\u003c/asn\u003e\n        \u003chold_time\u003e30\u003c/hold_time\u003e\n      \u003c/bgp\u003e\n    \u003c/vpn_gateway\u003e\n    \u003cike\u003e\n      \u003cauthentication_protocol\u003esha1\u003c/authentication_protocol\u003e\n      \u003cencryption_protocol\u003eaes-128-cbc\u003c/encryption_protocol\u003e\n      \u003clifetime\u003e28800\u003c/lifetime\u003e\n      \u003cperfect_forward_secrecy\u003egroup2\u003c/perfect_forward_secrecy\u003e\n      \u003cmode\u003emain\u003c/mode\u003e\n      \u003cpre_shared_key\u003eZZHi5PFlnI1Zn10I3jPOO8a0UDhn.Ibu\u003c/pre_shared_key\u003e\n    \u003c/ike\u003e\n    \u003cipsec\u003e\n      \u003cprotocol\u003eesp\u003c/protocol\u003e\n      \u003cauthentication_protocol\u003ehmac-sha1-96\u003c/authentication_protocol\u003e\n      \u003cencryption_protocol\u003eaes-128-cbc\u003c/encryption_protocol\u003e\n      \u003clifetime\u003e3600\u003c/lifetime\u003e\n      \u003cperfect_forward_secrecy\u003egroup2\u003c/perfect_forward_secrecy\u003e\n      \u003cmode\u003etunnel\u003c/mode\u003e\n      \u003cclear_df_bit\u003etrue\u003c/clear_df_bit\u003e\n      \u003cfragmentation_before_encryption\u003etrue\u003c/fragmentation_before_encryption\u003e\n      \u003ctcp_mss_adjustment\u003e1379\u003c/tcp_mss_adjustment\u003e\n      \u003cdead_peer_detection\u003e\n        \u003cinterval\u003e10\u003c/interval\u003e\n        \u003cretries\u003e3\u003c/retries\u003e\n      \u003c/dead_peer_detection\u003e\n    \u003c/ipsec\u003e\n  \u003c/ipsec_tunnel\u003e\n  \u003cipsec_tunnel\u003e\n    \u003ccustomer_gateway\u003e\n      \u003ctunnel_outside_address\u003e\n        \u003cip_address\u003e204.93.64.130\u003c/ip_address\u003e\n      \u003c/tunnel_outside_address\u003e\n      \u003ctunnel_inside_address\u003e\n        \u003cip_address\u003e169.254.47.78\u003c/ip_address\u003e\n        \u003cnetwork_mask\u003e255.255.255.252\u003c/network_mask\u003e\n        \u003cnetwork_cidr\u003e30\u003c/network_cidr\u003e\n      \u003c/tunnel_inside_address\u003e\n      \u003cbgp\u003e\n        \u003casn\u003e13364\u003c/asn\u003e\n        \u003chold_time\u003e30\u003c/hold_time\u003e\n      \u003c/bgp\u003e\n    \u003c/customer_gateway\u003e\n    \u003cvpn_gateway\u003e\n      \u003ctunnel_outside_address\u003e\n        \u003cip_address\u003e52.200.230.39\u003c/ip_address\u003e\n      \u003c/tunnel_outside_address\u003e\n      \u003ctunnel_inside_address\u003e\n        \u003cip_address\u003e169.254.47.77\u003c/ip_address\u003e\n        \u003cnetwork_mask\u003e255.255.255.252\u003c/network_mask\u003e\n        \u003cnetwork_cidr\u003e30\u003c/network_cidr\u003e\n      \u003c/tunnel_inside_address\u003e\n      \u003cbgp\u003e\n        \u003casn\u003e7224\u003c/asn\u003e\n        \u003chold_time\u003e30\u003c/hold_time\u003e\n      \u003c/bgp\u003e\n    \u003c/vpn_gateway\u003e\n    \u003cike\u003e\n      \u003cauthentication_protocol\u003esha1\u003c/authentication_protocol\u003e\n      \u003cencryption_protocol\u003eaes-128-cbc\u003c/encryption_protocol\u003e\n      \u003clifetime\u003e28800\u003c/lifetime\u003e\n      \u003cperfect_forward_secrecy\u003egroup2\u003c/perfect_forward_secrecy\u003e\n      \u003cmode\u003emain\u003c/mode\u003e\n      \u003cpre_shared_key\u003ew4ZdVwkMgZ80IjniqyYiHPUunEdO2.Gx\u003c/pre_shared_key\u003e\n    \u003c/ike\u003e\n    \u003cipsec\u003e\n      \u003cprotocol\u003eesp\u003c/protocol\u003e\n      \u003cauthentication_protocol\u003ehmac-sha1-96\u003c/authentication_protocol\u003e\n      \u003cencryption_protocol\u003eaes-128-cbc\u003c/encryption_protocol\u003e\n      \u003clifetime\u003e3600\u003c/lifetime\u003e\n      \u003cperfect_forward_secrecy\u003egroup2\u003c/perfect_forward_secrecy\u003e\n      \u003cmode\u003etunnel\u003c/mode\u003e\n      \u003cclear_df_bit\u003etrue\u003c/clear_df_bit\u003e\n      \u003cfragmentation_before_encryption\u003etrue\u003c/fragmentation_before_encryption\u003e\n      \u003ctcp_mss_adjustment\u003e1379\u003c/tcp_mss_adjustment\u003e\n      \u003cdead_peer_detection\u003e\n        \u003cinterval\u003e10\u003c/interval\u003e\n        \u003cretries\u003e3\u003c/retries\u003e\n      \u003c/dead_peer_detection\u003e\n    \u003c/ipsec\u003e\n  \u003c/ipsec_tunnel\u003e\n\u003c/vpn_connection\u003e",
                            "customer_gateway_id": "cgw-d89d76b1",
                            "id": "vpn-39455658",
                            "routes.#": "0",
                            "static_routes_only": "false",
                            "tags.%": "5",
                            "tags.Name": "infra-pipeline-jive-vpn",
                            "tags.account_name": "jive-microservices-pipeline",
                            "tags.pipeline_phase": "infra-pipeline",
                            "tags.region": "us-east-1",
                            "tags.sla": "non-prod",
                            "tunnel1_address": "34.225.64.117",
                            "tunnel1_preshared_key": "ZZHi5PFlnI1Zn10I3jPOO8a0UDhn.Ibu",
                            "tunnel2_address": "52.200.230.39",
                            "tunnel2_preshared_key": "w4ZdVwkMgZ80IjniqyYiHPUunEdO2.Gx",
                            "type": "ipsec.1",
                            "vgw_telemetry.#": "2",
                            "vgw_telemetry.2205935674.accepted_route_count": "7",
                            "vgw_telemetry.2205935674.last_status_change": "2017-09-06 10:54:22 +0000 UTC",
                            "vgw_telemetry.2205935674.outside_ip_address": "52.200.230.39",
                            "vgw_telemetry.2205935674.status": "UP",
                            "vgw_telemetry.2205935674.status_message": "7 BGP ROUTES",
                            "vgw_telemetry.920218178.accepted_route_count": "7",
                            "vgw_telemetry.920218178.last_status_change": "2017-09-11 21:31:20 +0000 UTC",
                            "vgw_telemetry.920218178.outside_ip_address": "34.225.64.117",
                            "vgw_telemetry.920218178.status": "UP",
                            "vgw_telemetry.920218178.status_message": "7 BGP ROUTES",
                            "vpn_gateway_id": "vgw-6f8e6506"
                        },
                        "meta": {},
                        "tainted": false
                    },
                    "deposed": [],
                    "provider": ""
                },
                "aws_vpn_connection_route.route_10_46": {
                    "type": "aws_vpn_connection_route",
                    "depends_on": [
                        "aws_vpn_connection.corp_main"
                    ],
                    "primary": {
                        "id": "10.46.0.0/16:vpn-bf9d8ede",
                        "attributes": {
                            "destination_cidr_block": "10.46.0.0/16",
                            "id": "10.46.0.0/16:vpn-bf9d8ede",
                            "vpn_connection_id": "vpn-bf9d8ede"
                        },
                        "meta": {},
                        "tainted": false
                    },
                    "deposed": [],
                    "provider": ""
                },
                "aws_vpn_connection_route.route_10_5": {
                    "type": "aws_vpn_connection_route",
                    "depends_on": [
                        "aws_vpn_connection.corp_main"
                    ],
                    "primary": {
                        "id": "10.5.0.0/16:vpn-bf9d8ede",
                        "attributes": {
                            "destination_cidr_block": "10.5.0.0/16",
                            "id": "10.5.0.0/16:vpn-bf9d8ede",
                            "vpn_connection_id": "vpn-bf9d8ede"
                        },
                        "meta": {},
                        "tainted": false
                    },
                    "deposed": [],
                    "provider": ""
                },
                "aws_vpn_connection_route.route_10_6": {
                    "type": "aws_vpn_connection_route",
                    "depends_on": [
                        "aws_vpn_connection.corp_main"
                    ],
                    "primary": {
                        "id": "10.6.0.0/16:vpn-bf9d8ede",
                        "attributes": {
                            "destination_cidr_block": "10.6.0.0/16",
                            "id": "10.6.0.0/16:vpn-bf9d8ede",
                            "vpn_connection_id": "vpn-bf9d8ede"
                        },
                        "meta": {},
                        "tainted": false
                    },
                    "deposed": [],
                    "provider": ""
                },
                "aws_vpn_connection_route.route_10_61": {
                    "type": "aws_vpn_connection_route",
                    "depends_on": [
                        "aws_vpn_connection.corp_main"
                    ],
                    "primary": {
                        "id": "10.61.0.0/16:vpn-bf9d8ede",
                        "attributes": {
                            "destination_cidr_block": "10.61.0.0/16",
                            "id": "10.61.0.0/16:vpn-bf9d8ede",
                            "vpn_connection_id": "vpn-bf9d8ede"
                        },
                        "meta": {},
                        "tainted": false
                    },
                    "deposed": [],
                    "provider": ""
                },
                "aws_vpn_connection_route.route_10_7": {
                    "type": "aws_vpn_connection_route",
                    "depends_on": [
                        "aws_vpn_connection.corp_main"
                    ],
                    "primary": {
                        "id": "10.7.0.0/16:vpn-bf9d8ede",
                        "attributes": {
                            "destination_cidr_block": "10.7.0.0/16",
                            "id": "10.7.0.0/16:vpn-bf9d8ede",
                            "vpn_connection_id": "vpn-bf9d8ede"
                        },
                        "meta": {},
                        "tainted": false
                    },
                    "deposed": [],
                    "provider": ""
                },
                "aws_vpn_connection_route.route_10_81": {
                    "type": "aws_vpn_connection_route",
                    "depends_on": [
                        "aws_vpn_connection.corp_main"
                    ],
                    "primary": {
                        "id": "10.81.0.0/16:vpn-bf9d8ede",
                        "attributes": {
                            "destination_cidr_block": "10.81.0.0/16",
                            "id": "10.81.0.0/16:vpn-bf9d8ede",
                            "vpn_connection_id": "vpn-bf9d8ede"
                        },
                        "meta": {},
                        "tainted": false
                    },
                    "deposed": [],
                    "provider": ""
                },
                "aws_vpn_connection_route.route_10_82": {
                    "type": "aws_vpn_connection_route",
                    "depends_on": [
                        "aws_vpn_connection.corp_main"
                    ],
                    "primary": {
                        "id": "10.82.0.0/16:vpn-bf9d8ede",
                        "attributes": {
                            "destination_cidr_block": "10.82.0.0/16",
                            "id": "10.82.0.0/16:vpn-bf9d8ede",
                            "vpn_connection_id": "vpn-bf9d8ede"
                        },
                        "meta": {},
                        "tainted": false
                    },
                    "deposed": [],
                    "provider": ""
                },
                "aws_vpn_connection_route.route_10_84": {
                    "type": "aws_vpn_connection_route",
                    "depends_on": [
                        "aws_vpn_connection.corp_main"
                    ],
                    "primary": {
                        "id": "10.84.0.0/16:vpn-bf9d8ede",
                        "attributes": {
                            "destination_cidr_block": "10.84.0.0/16",
                            "id": "10.84.0.0/16:vpn-bf9d8ede",
                            "vpn_connection_id": "vpn-bf9d8ede"
                        },
                        "meta": {},
                        "tainted": false
                    },
                    "deposed": [],
                    "provider": ""
                },
                "aws_vpn_gateway.vgw": {
                    "type": "aws_vpn_gateway",
                    "depends_on": [
                        "aws_vpc.main"
                    ],
                    "primary": {
                        "id": "vgw-6f8e6506",
                        "attributes": {
                            "id": "vgw-6f8e6506",
                            "tags.%": "7",
                            "tags.Name": "infra-pipeline-vgw",
                            "tags.account_name": "jive-microservices-pipeline",
                            "tags.jive_service": "infrastructure",
                            "tags.pipeline_phase": "infra-pipeline",
                            "tags.region": "us-east-1",
                            "tags.service_component": "vpn_gateway",
                            "tags.sla": "non-prod",
                            "vpc_id": "vpc-3ce97245"
                        },
                        "meta": {},
                        "tainted": false
                    },
                    "deposed": [],
                    "provider": ""
                },
                "data.template_file.bastion_user_data": {
                    "type": "template_file",
                    "depends_on": [
                        "aws_network_interface.bastion"
                    ],
                    "primary": {
                        "id": "1d62d458c1a12ce45bdff605fa2ded8032b805df1b007cabf11d508c86dd1b67",
                        "attributes": {
                            "id": "1d62d458c1a12ce45bdff605fa2ded8032b805df1b007cabf11d508c86dd1b67",
                            "rendered": "#!/bin/bash\n\ndeclare -r instance_id=$(curl -s http://169.254.169.254/latest/meta-data/instance-id)\ndeclare -r bi=10.127.43.7\ndeclare -r bastion_gw=\"${bi%.*}.1\"\n\nfunction_prep() {\n    # Get pip for awscli\n    yum install -y epel-release\n    yum install -y python-pip\n    pip install awscli\n}\n\nfunction_eni() {\n    # Attached the ENI to the Bastion instance\n    /usr/bin/aws ec2 attach-network-interface   --region us-east-1 \\\n                                                --network-interface-id eni-eef658f9 \\\n                                                --instance-id $instance_id \\\n                                                --device-index 1\n\n    # Give the ENI some time to get an IP and attach correctly\n    sleep 30\n}\n\nfunction_network() {\n    # Make eth1 the default route, set eth0 off, and set eth1 on, then restart the network\n    cat \u003c\u003cEOF \u003e /etc/sysconfig/network\nNETWORKING=yes\nNOZEROCONF=yes\nGATEWAY=$bastion_gw\nGATEWAYDEV=eth1\nEOF\n\n    cat \u003c\u003cEOF \u003e /etc/sysconfig/network-scripts/ifcfg-eth0\nDEVICE=\"eth0\"\nONBOOT=\"no\"\nEOF\n\n    cat \u003c\u003cEOF \u003e /etc/sysconfig/network-scripts/ifcfg-eth1\nDEVICE=eth1\nBOOTPROTO=static\nDHCPCLASS=\nIPADDR=10.127.43.7\nNETMASK=255.255.255.224\nONBOOT=yes\nEOF\n\n    systemctl restart network\n}\n\nfunction_nexus() {\n    # URL redirect fails without this entry\n    echo \"10.10.100.155 nexus-int.eng.jiveland.com\" \u003e\u003e /etc/hosts\n\n    # Script to download Ansible artifact from Nexus\n    cat \u003c\u003c'EOF' \u003e /tmp/get_nexus_artifact.sh\n#!/bin/bash\n# Argument = -h -v -i groupId:artifactId:version -c classifier -p packaging -r repository\n\n# Define Nexus Configuration\nNEXUS_BASE=nexus-int.eng.jiveland.com\nREST_PATH=/service/local\nART_REDIR=/artifact/maven/redirect\n\n# Read in Complete Set of Coordinates from the Command Line\nGROUP_ID=\nARTIFACT_ID=\nVERSION=\"LATEST\"\nCLASSIFIER=\"\"\nPACKAGING=tar.gz\nREPO=\"candidates\"\nVERBOSE=0\n\nwhile getopts \"hvi:c:p:\" OPTION\ndo\n     case $OPTION in\n         h)\n             usage\n             exit 1\n             ;;\n         i)\n\t     OIFS=$IFS\n             IFS=\":\"\n\t     GAV_COORD=( $OPTARG )\n\t     GROUP_ID=${GAV_COORD[0]}\n             ARTIFACT_ID=${GAV_COORD[1]}\n             VERSION=${GAV_COORD[2]}\n\t     IFS=$OIFS\n             ;;\n         c)\n             CLASSIFIER=$OPTARG\n             ;;\n         p)\n             PACKAGING=$OPTARG\n             ;;\n         v)\n             VERBOSE=1\n             ;;\n         ?)\n             usage\n             exit\n             ;;\n     esac\ndone\n\nif [[ -z $GROUP_ID ]] || [[ -z $ARTIFACT_ID ]] || [[ -z $VERSION ]]\nthen\n     echo \"BAD ARGUMENTS: Either groupId, artifactId, or version was not supplied\" \u003e\u00262\n     usage\n     exit 1\nfi\n\n# Construct the base URL\nREDIRECT_URL=${NEXUS_BASE}${REST_PATH}${ART_REDIR}\n\n# Generate the list of parameters\nPARAM_KEYS=( g a v r p c )\nPARAM_VALUES=( $GROUP_ID $ARTIFACT_ID $VERSION $REPO $PACKAGING $CLASSIFIER )\nPARAMS=\"\"\nfor index in ${!PARAM_KEYS[*]}\ndo\n  if [[ ${PARAM_VALUES[$index]} != \"\" ]]\n  then\n    PARAMS=\"${PARAMS}${PARAM_KEYS[$index]}=${PARAM_VALUES[$index]}\u0026\"\n  fi\ndone\n\nREDIRECT_URL=\"${REDIRECT_URL}?${PARAMS}\"\n\necho \"Fetching Artifact from $REDIRECT_URL...\" \u003e\u00262\ncurl -sS -L ${REDIRECT_URL}\nEOF\n    # Run script to download latest Ansible artifact and unpack\n    chmod +x /tmp/get_nexus_artifact.sh\n    /tmp/get_nexus_artifact.sh -i com.jivesoftware.techops:ansible-common:LATEST \u003e /tmp/ansible-common.tar.gz\n}\n\nfunction_ansible() {\n    # Need Sudo TTY\n    sed -i s/'Defaults    requiretty'/'#Defaults    requiretty'/ /etc/sudoers\n    # Disable SELINUX for SSSD\n    sed -i 's/^SELINUX=.*/SELINUX=disabled/' /etc/selinux/config\n    # Create Ansible working directories\n    mkdir -p /tmp/ansible-common\n    tar xf /tmp/ansible-common.tar.gz -C /tmp/ansible-common/\n    # Set Python to 2.6 and run Ansible locally\n    alternatives --set python /usr/bin/python2.6\n    yum install -y python-boto ansible\n\n    # Run Ansible\n    /tmp/ansible-common/bin/run_ansible.sh /tmp/ansible-common/playbook-bastion.yml -e region=us-east-1 --connection=local -i /tmp/ansible-common/inventory_ec2/ \u003e\u003e /tmp/ansible-common/ansible_debug.log\n\n    # Change permissions on Ansible artifact so that ansible deploy pipeline\n    # can overwrite them in the future\n    chown -R ansible:service-users /tmp/ansible-common /tmp/ansible-common.tar.gz\n}\n\nfunction_restart() {\n    # Need to restart for SELINUX change.\n    shutdown -r now\n}\n\n# Run the things\nfunction_prep\nfunction_eni\nfunction_network\nfunction_nexus\nfunction_ansible\nfunction_restart\n",
                            "template": "#!/bin/bash\n\ndeclare -r instance_id=$(curl -s http://169.254.169.254/latest/meta-data/instance-id)\ndeclare -r bi=${bastion_ip}\ndeclare -r bastion_gw=\"$${bi%.*}.1\"\n\nfunction_prep() {\n    # Get pip for awscli\n    yum install -y epel-release\n    yum install -y python-pip\n    pip install awscli\n}\n\nfunction_eni() {\n    # Attached the ENI to the Bastion instance\n    /usr/bin/aws ec2 attach-network-interface   --region ${region} \\\n                                                --network-interface-id ${eni} \\\n                                                --instance-id $instance_id \\\n                                                --device-index 1\n\n    # Give the ENI some time to get an IP and attach correctly\n    sleep 30\n}\n\nfunction_network() {\n    # Make eth1 the default route, set eth0 off, and set eth1 on, then restart the network\n    cat \u003c\u003cEOF \u003e /etc/sysconfig/network\nNETWORKING=yes\nNOZEROCONF=yes\nGATEWAY=$bastion_gw\nGATEWAYDEV=eth1\nEOF\n\n    cat \u003c\u003cEOF \u003e /etc/sysconfig/network-scripts/ifcfg-eth0\nDEVICE=\"eth0\"\nONBOOT=\"no\"\nEOF\n\n    cat \u003c\u003cEOF \u003e /etc/sysconfig/network-scripts/ifcfg-eth1\nDEVICE=eth1\nBOOTPROTO=static\nDHCPCLASS=\nIPADDR=${bastion_ip}\nNETMASK=255.255.255.224\nONBOOT=yes\nEOF\n\n    systemctl restart network\n}\n\nfunction_nexus() {\n    # URL redirect fails without this entry\n    echo \"10.10.100.155 nexus-int.eng.jiveland.com\" \u003e\u003e /etc/hosts\n\n    # Script to download Ansible artifact from Nexus\n    cat \u003c\u003c'EOF' \u003e /tmp/get_nexus_artifact.sh\n#!/bin/bash\n# Argument = -h -v -i groupId:artifactId:version -c classifier -p packaging -r repository\n\n# Define Nexus Configuration\nNEXUS_BASE=nexus-int.eng.jiveland.com\nREST_PATH=/service/local\nART_REDIR=/artifact/maven/redirect\n\n# Read in Complete Set of Coordinates from the Command Line\nGROUP_ID=\nARTIFACT_ID=\nVERSION=\"LATEST\"\nCLASSIFIER=\"\"\nPACKAGING=tar.gz\nREPO=\"candidates\"\nVERBOSE=0\n\nwhile getopts \"hvi:c:p:\" OPTION\ndo\n     case $OPTION in\n         h)\n             usage\n             exit 1\n             ;;\n         i)\n\t     OIFS=$IFS\n             IFS=\":\"\n\t     GAV_COORD=( $OPTARG )\n\t     GROUP_ID=$${GAV_COORD[0]}\n             ARTIFACT_ID=$${GAV_COORD[1]}\n             VERSION=$${GAV_COORD[2]}\n\t     IFS=$OIFS\n             ;;\n         c)\n             CLASSIFIER=$OPTARG\n             ;;\n         p)\n             PACKAGING=$OPTARG\n             ;;\n         v)\n             VERBOSE=1\n             ;;\n         ?)\n             usage\n             exit\n             ;;\n     esac\ndone\n\nif [[ -z $GROUP_ID ]] || [[ -z $ARTIFACT_ID ]] || [[ -z $VERSION ]]\nthen\n     echo \"BAD ARGUMENTS: Either groupId, artifactId, or version was not supplied\" \u003e\u00262\n     usage\n     exit 1\nfi\n\n# Construct the base URL\nREDIRECT_URL=$${NEXUS_BASE}$${REST_PATH}$${ART_REDIR}\n\n# Generate the list of parameters\nPARAM_KEYS=( g a v r p c )\nPARAM_VALUES=( $GROUP_ID $ARTIFACT_ID $VERSION $REPO $PACKAGING $CLASSIFIER )\nPARAMS=\"\"\nfor index in $${!PARAM_KEYS[*]}\ndo\n  if [[ $${PARAM_VALUES[$index]} != \"\" ]]\n  then\n    PARAMS=\"$${PARAMS}$${PARAM_KEYS[$index]}=$${PARAM_VALUES[$index]}\u0026\"\n  fi\ndone\n\nREDIRECT_URL=\"$${REDIRECT_URL}?$${PARAMS}\"\n\necho \"Fetching Artifact from $REDIRECT_URL...\" \u003e\u00262\ncurl -sS -L $${REDIRECT_URL}\nEOF\n    # Run script to download latest Ansible artifact and unpack\n    chmod +x /tmp/get_nexus_artifact.sh\n    /tmp/get_nexus_artifact.sh -i com.jivesoftware.techops:ansible-common:LATEST \u003e /tmp/ansible-common.tar.gz\n}\n\nfunction_ansible() {\n    # Need Sudo TTY\n    sed -i s/'Defaults    requiretty'/'#Defaults    requiretty'/ /etc/sudoers\n    # Disable SELINUX for SSSD\n    sed -i 's/^SELINUX=.*/SELINUX=disabled/' /etc/selinux/config\n    # Create Ansible working directories\n    mkdir -p /tmp/ansible-common\n    tar xf /tmp/ansible-common.tar.gz -C /tmp/ansible-common/\n    # Set Python to 2.6 and run Ansible locally\n    alternatives --set python /usr/bin/python2.6\n    yum install -y python-boto ansible\n\n    # Run Ansible\n    /tmp/ansible-common/bin/run_ansible.sh /tmp/ansible-common/playbook-bastion.yml -e region=${region} --connection=local -i /tmp/ansible-common/inventory_ec2/ \u003e\u003e /tmp/ansible-common/ansible_debug.log\n\n    # Change permissions on Ansible artifact so that ansible deploy pipeline\n    # can overwrite them in the future\n    chown -R ansible:service-users /tmp/ansible-common /tmp/ansible-common.tar.gz\n}\n\nfunction_restart() {\n    # Need to restart for SELINUX change.\n    shutdown -r now\n}\n\n# Run the things\nfunction_prep\nfunction_eni\nfunction_network\nfunction_nexus\nfunction_ansible\nfunction_restart\n",
                            "vars.%": "5",
                            "vars.account_name": "jive-microservices-pipeline",
                            "vars.bastion_ip": "10.127.43.7",
                            "vars.eni": "eni-eef658f9",
                            "vars.pipeline_phase": "infra-pipeline",
                            "vars.region": "us-east-1"
                        },
                        "meta": {},
                        "tainted": false
                    },
                    "deposed": [],
                    "provider": ""
                }
            },
            "depends_on": []
        }
    ]
}
