{
    "version": 3,
    "terraform_version": "0.9.4",
    "serial": 0,
    "lineage": "55dc3f61-bd13-4b31-ab9e-7ad8ba6200d3",
    "modules": [
        {
            "path": [
                "root"
            ],
            "outputs": {},
            "resources": {
                "aws_db_parameter_group.fileservice_mysql": {
                    "type": "aws_db_parameter_group",
                    "depends_on": [],
                    "primary": {
                        "id": "ng-fileservice-mysql-ms-integ-param",
                        "attributes": {
                            "arn": "arn:aws:rds:us-east-1:811034720611:pg:ng-fileservice-mysql-ms-integ-param",
                            "description": "Managed by Horizon",
                            "family": "mysql5.7",
                            "id": "ng-fileservice-mysql-ms-integ-param",
                            "name": "ng-fileservice-mysql-ms-integ-param",
                            "parameter.#": "0",
                            "tags.%": "0"
                        },
                        "meta": {},
                        "tainted": false
                    },
                    "deposed": [],
                    "provider": ""
                },
                "aws_security_group.fileservice_mysql": {
                    "type": "aws_security_group",
                    "depends_on": [],
                    "primary": {
                        "id": "sg-9c9624ee",
                        "attributes": {
                            "description": "Access to fileservice_mysql (ms-integ)",
                            "egress.#": "0",
                            "id": "sg-9c9624ee",
                            "ingress.#": "2",
                            "ingress.1567961715.cidr_blocks.#": "1",
                            "ingress.1567961715.cidr_blocks.0": "10.127.43.7/32",
                            "ingress.1567961715.from_port": "3306",
                            "ingress.1567961715.ipv6_cidr_blocks.#": "0",
                            "ingress.1567961715.protocol": "tcp",
                            "ingress.1567961715.security_groups.#": "0",
                            "ingress.1567961715.self": "false",
                            "ingress.1567961715.to_port": "3306",
                            "ingress.3674750328.cidr_blocks.#": "1",
                            "ingress.3674750328.cidr_blocks.0": "10.125.0.0/16",
                            "ingress.3674750328.from_port": "3306",
                            "ingress.3674750328.ipv6_cidr_blocks.#": "0",
                            "ingress.3674750328.protocol": "tcp",
                            "ingress.3674750328.security_groups.#": "0",
                            "ingress.3674750328.self": "false",
                            "ingress.3674750328.to_port": "3306",
                            "name": "ms-integ-fileservice_mysql",
                            "owner_id": "811034720611",
                            "tags.%": "3",
                            "tags.Jive_Service": "fileservice",
                            "tags.Name": "ms-integ-fileservice_mysql",
                            "tags.Pipeline_Phase": "ms-integ",
                            "vpc_id": "vpc-e942d990"
                        },
                        "meta": {},
                        "tainted": false
                    },
                    "deposed": [],
                    "provider": ""
                }
            },
            "depends_on": []
        }
    ]
}
