{
    "version": 3,
    "terraform_version": "0.9.4",
    "serial": 148,
    "lineage": "19eafc2e-bfa2-4c98-b32d-1044d662941e",
    "modules": [
        {
            "path": [
                "root"
            ],
            "outputs": {},
            "resources": {
                "aws_cloudtrail.cloudtrail-configuration": {
                    "type": "aws_cloudtrail",
                    "depends_on": [
                        "aws_cloudwatch_log_group.cloudtrail_logs",
                        "aws_iam_role.cloudtrail_cloudwatch",
                        "aws_s3_bucket.cloudtrail"
                    ],
                    "primary": {
                        "id": "jive-infra-pipeline-cloudtrail",
                        "attributes": {
                            "arn": "arn:aws:cloudtrail:us-west-2:517449413234:trail/jive-infra-pipeline-cloudtrail",
                            "cloud_watch_logs_group_arn": "arn:aws:logs:us-west-2:517449413234:log-group:cloudtrail/logs:*",
                            "cloud_watch_logs_role_arn": "arn:aws:iam::517449413234:role/cloudtrail_cloudwatch",
                            "enable_log_file_validation": "false",
                            "enable_logging": "true",
                            "home_region": "us-west-2",
                            "id": "jive-infra-pipeline-cloudtrail",
                            "include_global_service_events": "true",
                            "is_multi_region_trail": "true",
                            "kms_key_id": "",
                            "name": "jive-infra-pipeline-cloudtrail",
                            "s3_bucket_name": "jive-cloudtrail-jive-infra-pipeline-usw2",
                            "s3_key_prefix": "",
                            "sns_topic_name": "",
                            "tags.%": "2",
                            "tags.jive_service": "infrastructure",
                            "tags.service_component": "cloudtrail"
                        },
                        "meta": {},
                        "tainted": false
                    },
                    "deposed": [],
                    "provider": ""
                },
                "aws_cloudwatch_log_group.cloudtrail_logs": {
                    "type": "aws_cloudwatch_log_group",
                    "depends_on": [],
                    "primary": {
                        "id": "cloudtrail/logs",
                        "attributes": {
                            "arn": "arn:aws:logs:us-west-2:517449413234:log-group:cloudtrail/logs:*",
                            "id": "cloudtrail/logs",
                            "name": "cloudtrail/logs",
                            "retention_in_days": "0",
                            "tags.%": "0"
                        },
                        "meta": {},
                        "tainted": false
                    },
                    "deposed": [],
                    "provider": ""
                },
                "aws_cloudwatch_log_metric_filter.api_requests_all": {
                    "type": "aws_cloudwatch_log_metric_filter",
                    "depends_on": [
                        "aws_cloudwatch_log_group.cloudtrail_logs"
                    ],
                    "primary": {
                        "id": "api_requests_all",
                        "attributes": {
                            "id": "api_requests_all",
                            "log_group_name": "cloudtrail/logs",
                            "metric_transformation.#": "1",
                            "metric_transformation.0.name": "all",
                            "metric_transformation.0.namespace": "aws.cloudtrail.api_requests",
                            "metric_transformation.0.value": "1",
                            "name": "api_requests_all",
                            "pattern": ""
                        },
                        "meta": {},
                        "tainted": false
                    },
                    "deposed": [],
                    "provider": ""
                },
                "aws_cloudwatch_log_metric_filter.api_requests_ec2": {
                    "type": "aws_cloudwatch_log_metric_filter",
                    "depends_on": [
                        "aws_cloudwatch_log_group.cloudtrail_logs"
                    ],
                    "primary": {
                        "id": "api_requests_ec2",
                        "attributes": {
                            "id": "api_requests_ec2",
                            "log_group_name": "cloudtrail/logs",
                            "metric_transformation.#": "1",
                            "metric_transformation.0.name": "ec2",
                            "metric_transformation.0.namespace": "aws.cloudtrail.api_requests",
                            "metric_transformation.0.value": "1",
                            "name": "api_requests_ec2",
                            "pattern": "{$.eventSource = ec2.amazonaws.com}"
                        },
                        "meta": {},
                        "tainted": false
                    },
                    "deposed": [],
                    "provider": ""
                },
                "aws_cloudwatch_log_metric_filter.api_requests_elb": {
                    "type": "aws_cloudwatch_log_metric_filter",
                    "depends_on": [
                        "aws_cloudwatch_log_group.cloudtrail_logs"
                    ],
                    "primary": {
                        "id": "api_requests_elb",
                        "attributes": {
                            "id": "api_requests_elb",
                            "log_group_name": "cloudtrail/logs",
                            "metric_transformation.#": "1",
                            "metric_transformation.0.name": "elb",
                            "metric_transformation.0.namespace": "aws.cloudtrail.api_requests",
                            "metric_transformation.0.value": "1",
                            "name": "api_requests_elb",
                            "pattern": "{$.eventSource = elasticloadbalancing.amazonaws.com}"
                        },
                        "meta": {},
                        "tainted": false
                    },
                    "deposed": [],
                    "provider": ""
                },
                "aws_cloudwatch_log_metric_filter.api_requests_route53": {
                    "type": "aws_cloudwatch_log_metric_filter",
                    "depends_on": [
                        "aws_cloudwatch_log_group.cloudtrail_logs"
                    ],
                    "primary": {
                        "id": "api_requests_route53",
                        "attributes": {
                            "id": "api_requests_route53",
                            "log_group_name": "cloudtrail/logs",
                            "metric_transformation.#": "1",
                            "metric_transformation.0.name": "route53",
                            "metric_transformation.0.namespace": "aws.cloudtrail.api_requests",
                            "metric_transformation.0.value": "1",
                            "name": "api_requests_route53",
                            "pattern": "{$.eventSource = route53.amazonaws.com}"
                        },
                        "meta": {},
                        "tainted": false
                    },
                    "deposed": [],
                    "provider": ""
                },
                "aws_iam_account_password_policy.strict": {
                    "type": "aws_iam_account_password_policy",
                    "depends_on": [],
                    "primary": {
                        "id": "iam-account-password-policy",
                        "attributes": {
                            "allow_users_to_change_password": "true",
                            "expire_passwords": "true",
                            "hard_expiry": "false",
                            "id": "iam-account-password-policy",
                            "max_password_age": "90",
                            "minimum_password_length": "8",
                            "password_reuse_prevention": "10",
                            "require_lowercase_characters": "true",
                            "require_numbers": "true",
                            "require_symbols": "false",
                            "require_uppercase_characters": "true"
                        },
                        "meta": {},
                        "tainted": false
                    },
                    "deposed": [],
                    "provider": ""
                },
                "aws_iam_instance_profile.ansible": {
                    "type": "aws_iam_instance_profile",
                    "depends_on": [
                        "aws_iam_role.ansible"
                    ],
                    "primary": {
                        "id": "ansible-profile",
                        "attributes": {
                            "arn": "arn:aws:iam::517449413234:instance-profile/ansible-profile",
                            "id": "ansible-profile",
                            "name": "ansible-profile",
                            "path": "/",
                            "role": "ansible-role",
                            "roles.#": "1",
                            "roles.4003722031": "ansible-role",
                            "unique_id": "AIPAIZVMTD4MN2DRDCHIY"
                        },
                        "meta": {},
                        "tainted": false
                    },
                    "deposed": [],
                    "provider": ""
                },
                "aws_iam_instance_profile.eni-attach": {
                    "type": "aws_iam_instance_profile",
                    "depends_on": [
                        "aws_iam_role.eni-attach"
                    ],
                    "primary": {
                        "id": "eni-attach-profile",
                        "attributes": {
                            "arn": "arn:aws:iam::517449413234:instance-profile/eni-attach-profile",
                            "id": "eni-attach-profile",
                            "name": "eni-attach-profile",
                            "path": "/",
                            "role": "eni-attach-role",
                            "roles.#": "1",
                            "roles.547820524": "eni-attach-role",
                            "unique_id": "AIPAIYTXGRXGZPQDIPYAA"
                        },
                        "meta": {},
                        "tainted": false
                    },
                    "deposed": [],
                    "provider": ""
                },
                "aws_iam_policy.cloudability_billing": {
                    "type": "aws_iam_policy",
                    "depends_on": [],
                    "primary": {
                        "id": "arn:aws:iam::517449413234:policy/cloudability-billing",
                        "attributes": {
                            "arn": "arn:aws:iam::517449413234:policy/cloudability-billing",
                            "description": "Cloudability Billing policy to allow collection of billing data",
                            "id": "arn:aws:iam::517449413234:policy/cloudability-billing",
                            "name": "cloudability-billing",
                            "path": "/",
                            "policy": "{\n \"Version\": \"2012-10-17\",\n \"Statement\": [{\n   \"Effect\": \"Allow\",\n   \"Action\": [\n     \"ec2:DescribeInstances\",\n     \"ec2:DescribeImages\",\n     \"ec2:DescribeReservedInstances\",\n     \"ec2:DescribeReservedInstancesModifications\",\n     \"ec2:DescribeVolumes\",\n     \"ec2:DescribeSnapshots\",\n     \"cloudwatch:GetMetricStatistics\",\n     \"elasticache:DescribeReservedCacheNodes\",\n     \"elasticache:ListTagsForResource\",\n     \"rds:DescribeReservedDBInstances\",\n     \"rds:ListTagsForResource\",\n     \"redshift:DescribeReservedNodes\",\n     \"redshift:DescribeTags\"\n   ],\n   \"Resource\": \"*\"\n  }\n ]\n}\n"
                        },
                        "meta": {},
                        "tainted": false
                    },
                    "deposed": [],
                    "provider": ""
                },
                "aws_iam_policy.cloudhealth_ro": {
                    "type": "aws_iam_policy",
                    "depends_on": [],
                    "primary": {
                        "id": "arn:aws:iam::517449413234:policy/cloudhealth_ro",
                        "attributes": {
                            "arn": "arn:aws:iam::517449413234:policy/cloudhealth_ro",
                            "id": "arn:aws:iam::517449413234:policy/cloudhealth_ro",
                            "name": "cloudhealth_ro",
                            "path": "/",
                            "policy": "{\n  \"Version\": \"2012-10-17\",\n  \"Statement\": [\n    {\n      \"Effect\": \"Allow\",\n      \"Action\": [\n        \"aws-portal:ViewBilling\",\n        \"aws-portal:ViewUsage\",\n        \"autoscaling:Describe*\",\n        \"cloudformation:ListStacks\",\n        \"cloudformation:ListStackResources\",\n        \"cloudformation:DescribeStacks\",\n        \"cloudformation:DescribeStackEvents\",\n        \"cloudformation:DescribeStackResources\",\n        \"cloudformation:GetTemplate\",\n        \"cloudfront:Get*\",\n        \"cloudfront:List*\",\n        \"cloudwatch:Describe*\",\n        \"cloudwatch:Get*\",\n        \"cloudwatch:List*\",\n        \"dynamodb:DescribeTable\",\n        \"dynamodb:List*\",\n        \"ec2:Describe*\",\n        \"elasticache:Describe*\",\n        \"elasticache:ListTagsForResource\",\n        \"elasticbeanstalk:Check*\",\n        \"elasticbeanstalk:Describe*\",\n        \"elasticbeanstalk:List*\",\n        \"elasticbeanstalk:RequestEnvironmentInfo\",\n        \"elasticbeanstalk:RetrieveEnvironmentInfo\",\n        \"elasticloadbalancing:Describe*\",\n        \"elasticmapreduce:Describe*\",\n        \"elasticmapreduce:List*\",\n        \"iam:List*\",\n        \"iam:Get*\",\n        \"iam:GenerateCredentialReport\",\n        \"lambda:List*\",\n        \"redshift:Describe*\",\n        \"route53:Get*\",\n        \"route53:List*\",\n        \"rds:Describe*\",\n        \"rds:ListTagsForResource\",\n        \"s3:List*\",\n        \"s3:GetBucketTagging\",\n        \"s3:GetBucketLocation\",\n        \"s3:GetBucketLogging\",\n        \"s3:GetBucketVersioning\",\n        \"s3:GetBucketWebsite\",\n        \"sdb:GetAttributes\",\n        \"sdb:List*\",\n        \"ses:Get*\",\n        \"ses:List*\",\n        \"sns:Get*\",\n        \"sns:List*\",\n        \"sqs:GetQueueAttributes\",\n        \"sqs:ListQueues\",\n        \"storagegateway:List*\",\n        \"storagegateway:Describe*\",\n        \"config:Get*\",\n        \"config:Describe*\",\n        \"config:Deliver*\",\n        \"config:List*\"\n      ],\n      \"Resource\": \"*\"\n    }\n  ]\n}\n"
                        },
                        "meta": {},
                        "tainted": false
                    },
                    "deposed": [],
                    "provider": ""
                },
                "aws_iam_policy.datadog_cloudtrail_ro": {
                    "type": "aws_iam_policy",
                    "depends_on": [
                        "data.template_file.datadog_cloudtrail_ro"
                    ],
                    "primary": {
                        "id": "arn:aws:iam::517449413234:policy/datadog_cloudtrail_ro",
                        "attributes": {
                            "arn": "arn:aws:iam::517449413234:policy/datadog_cloudtrail_ro",
                            "id": "arn:aws:iam::517449413234:policy/datadog_cloudtrail_ro",
                            "name": "datadog_cloudtrail_ro",
                            "path": "/",
                            "policy": "{\n  \"Version\": \"2012-10-17\",\n  \"Statement\": [\n    {\n      \"Action\": [\n        \"s3:ListBucket\",\n        \"s3:GetBucketLocation\",\n        \"s3:GetObject\"\n      ],\n      \"Effect\": \"Allow\",\n      \"Resource\": [\n        \"arn:aws:s3:::jive-cloudtrail-jive-infra-pipeline-usw2\",\n        \"arn:aws:s3:::jive-cloudtrail-jive-infra-pipeline-usw2/*\"\n      ]\n    }\n  ]\n}\n"
                        },
                        "meta": {},
                        "tainted": false
                    },
                    "deposed": [],
                    "provider": ""
                },
                "aws_iam_policy.datadog_monitors_policy": {
                    "type": "aws_iam_policy",
                    "depends_on": [],
                    "primary": {
                        "id": "arn:aws:iam::517449413234:policy/datadog-monitors-policy",
                        "attributes": {
                            "arn": "arn:aws:iam::517449413234:policy/datadog-monitors-policy",
                            "description": "Datadog Monitors policy to allow S3 access",
                            "id": "arn:aws:iam::517449413234:policy/datadog-monitors-policy",
                            "name": "datadog-monitors-policy",
                            "path": "/",
                            "policy": "{\n    \"Version\": \"2012-10-17\",\n    \"Statement\": [\n        {\n            \"Sid\": \"DatadogMonitorsPolicy\",\n            \"Effect\": \"Allow\",\n            \"Action\": [\n                \"s3:DeleteObject\",\n                \"s3:GetObject\",\n                \"s3:ListBucket\",\n                \"s3:PutObject\"\n            ],\n\t    \"Resource\":[\n\t\t\"arn:aws:s3:::jive-datadog-jive-infra-pipeline-usw2\",\n\t\t\"arn:aws:s3:::jive-datadog-jive-infra-pipeline-usw2/*\"\n\t    ]\n        }\n    ]\n}\n"
                        },
                        "meta": {},
                        "tainted": false
                    },
                    "deposed": [],
                    "provider": ""
                },
                "aws_iam_policy.datadog_ro": {
                    "type": "aws_iam_policy",
                    "depends_on": [],
                    "primary": {
                        "id": "arn:aws:iam::517449413234:policy/datadog_ro",
                        "attributes": {
                            "arn": "arn:aws:iam::517449413234:policy/datadog_ro",
                            "id": "arn:aws:iam::517449413234:policy/datadog_ro",
                            "name": "datadog_ro",
                            "path": "/",
                            "policy": "{\n  \"Version\": \"2012-10-17\",\n  \"Statement\": [\n    {\n      \"Action\": [\n        \"autoscaling:Describe*\",\n        \"cloudtrail:DescribeTrails\",\n        \"cloudtrail:GetTrailStatus\",\n        \"cloudwatch:Describe*\",\n        \"cloudwatch:Get*\",\n        \"cloudwatch:List*\",\n        \"ec2:Describe*\",\n        \"ec2:Get*\",\n        \"ecs:Describe*\",\n        \"ecs:List*\",\n        \"elasticache:Describe*\",\n        \"elasticache:List*\",\n        \"elasticloadbalancing:Describe*\",\n        \"elasticmapreduce:List*\",\n        \"iam:Get*\",\n        \"iam:List*\",\n        \"kinesis:Get*\",\n        \"kinesis:List*\",\n        \"kinesis:Describe*\",\n        \"logs:Get*\",\n        \"logs:Describe*\",\n        \"logs:TestMetricFilter\",\n        \"rds:Describe*\",\n        \"rds:List*\",\n        \"route53:List*\",\n        \"ses:Get*\",\n        \"ses:List*\",\n        \"sns:List*\",\n        \"sns:Publish\",\n        \"sqs:GetQueueAttributes\",\n        \"sqs:ListQueues\",\n        \"sqs:ReceiveMessage\",\n        \"support:*\"\n      ],\n      \"Effect\": \"Allow\",\n      \"Resource\": \"*\"\n    }\n  ]\n}\n"
                        },
                        "meta": {},
                        "tainted": false
                    },
                    "deposed": [],
                    "provider": ""
                },
                "aws_iam_policy.mako-iam-update-policy": {
                    "type": "aws_iam_policy",
                    "depends_on": [],
                    "primary": {
                        "id": "arn:aws:iam::517449413234:policy/mako-iam-update-policy",
                        "attributes": {
                            "arn": "arn:aws:iam::517449413234:policy/mako-iam-update-policy",
                            "description": "Policy for mako-iam-integration user to manage mako service users.",
                            "id": "arn:aws:iam::517449413234:policy/mako-iam-update-policy",
                            "name": "mako-iam-update-policy",
                            "path": "/",
                            "policy": "{\n    \"Version\": \"2012-10-17\",\n    \"Statement\": [\n        {\n            \"Effect\": \"Allow\",\n            \"Action\": [\n                \"iam:CreateUser\",\n                \"iam:GetUser\",\n                \"iam:CreateAccessKey\",\n                \"iam:DeleteAccessKey\",\n                \"iam:ListAccessKeys\",\n                \"iam:PutUserPolicy\"\n            ],\n            \"Resource\": \"arn:aws:iam::517449413234:user/mako*\"\n        },\n        {\n            \"Effect\": \"Allow\",\n            \"Action\": [\n                \"iam:CreateRole\",\n                \"iam:GetRole\",\n                \"iam:PutRolePolicy\"\n            ],\n            \"Resource\": \"arn:aws:iam::517449413234:role/mako*\"\n        }\n    ]\n}\n"
                        },
                        "meta": {},
                        "tainted": false
                    },
                    "deposed": [],
                    "provider": ""
                },
                "aws_iam_policy.okta-administrator": {
                    "type": "aws_iam_policy",
                    "depends_on": [],
                    "primary": {
                        "id": "arn:aws:iam::517449413234:policy/okta-administrator",
                        "attributes": {
                            "arn": "arn:aws:iam::517449413234:policy/okta-administrator",
                            "id": "arn:aws:iam::517449413234:policy/okta-administrator",
                            "name": "okta-administrator",
                            "path": "/",
                            "policy": "{\n  \"Version\": \"2012-10-17\",\n  \"Statement\": [\n    {\n      \"Effect\": \"Allow\",\n      \"Action\": \"*\",\n      \"Resource\": \"*\"\n    }\n  ]\n}\n"
                        },
                        "meta": {},
                        "tainted": false
                    },
                    "deposed": [],
                    "provider": ""
                },
                "aws_iam_policy.okta-poweruser": {
                    "type": "aws_iam_policy",
                    "depends_on": [],
                    "primary": {
                        "id": "arn:aws:iam::517449413234:policy/okta-poweruser",
                        "attributes": {
                            "arn": "arn:aws:iam::517449413234:policy/okta-poweruser",
                            "id": "arn:aws:iam::517449413234:policy/okta-poweruser",
                            "name": "okta-poweruser",
                            "path": "/",
                            "policy": "{\n    \"Version\": \"2012-10-17\",\n    \"Statement\": [\n        {\n            \"Effect\": \"Allow\",\n            \"NotAction\": [\n              \"iam:*\",\n              \"kms:*\",\n              \"s3:Get*\"\n            ],\n            \"Resource\": \"*\"\n        },\n        {\n            \"Effect\": \"Deny\",\n            \"Action\": \"s3:*\",\n            \"Resource\": [\n                \"arn:aws:s3:::*etcd*\",\n                \"arn:aws:s3:::*etcd*/*\",\n                \"arn:aws:s3:::*lemur*\",\n                \"arn:aws:s3:::*lemur*/*\",\n                \"arn:aws:s3:::*master*\",\n                \"arn:aws:s3:::*master*/*\",\n                \"arn:aws:s3:::*node*\",\n                \"arn:aws:s3:::*node*/*\"\n            ]\n        }\n    ]\n}"
                        },
                        "meta": {},
                        "tainted": false
                    },
                    "deposed": [],
                    "provider": ""
                },
                "aws_iam_policy.okta-readonly": {
                    "type": "aws_iam_policy",
                    "depends_on": [],
                    "primary": {
                        "id": "arn:aws:iam::517449413234:policy/okta-readonly",
                        "attributes": {
                            "arn": "arn:aws:iam::517449413234:policy/okta-readonly",
                            "id": "arn:aws:iam::517449413234:policy/okta-readonly",
                            "name": "okta-readonly",
                            "path": "/",
                            "policy": "{\n    \"Version\": \"2012-10-17\",\n    \"Statement\": [\n        {\n            \"Effect\": \"Allow\",\n            \"Action\": [\n              \"acm:DescribeCertificate\",\n              \"acm:GetCertificate\",\n              \"acm:ListCertificates\",\n              \"appstream:Get*\",\n              \"autoscaling:Describe*\",\n              \"cloudformation:DescribeStackEvents\",\n              \"cloudformation:DescribeStackResource\",\n              \"cloudformation:DescribeStackResources\",\n              \"cloudformation:DescribeStacks\",\n              \"cloudformation:GetTemplate\",\n              \"cloudformation:List*\",\n              \"cloudfront:Get*\",\n              \"cloudfront:List*\",\n              \"cloudsearch:Describe*\",\n              \"cloudsearch:List*\",\n              \"cloudtrail:DescribeTrails\",\n              \"cloudtrail:GetTrailStatus\",\n              \"cloudwatch:Describe*\",\n              \"cloudwatch:Get*\",\n              \"cloudwatch:List*\",\n              \"codecommit:BatchGetRepositories\",\n              \"codecommit:Get*\",\n              \"codecommit:GitPull\",\n              \"codecommit:List*\",\n              \"codedeploy:Batch*\",\n              \"codedeploy:Get*\",\n              \"codedeploy:List*\",\n              \"config:Deliver*\",\n              \"config:Describe*\",\n              \"config:Get*\",\n              \"datapipeline:DescribeObjects\",\n              \"datapipeline:DescribePipelines\",\n              \"datapipeline:EvaluateExpression\",\n              \"datapipeline:GetPipelineDefinition\",\n              \"datapipeline:ListPipelines\",\n              \"datapipeline:QueryObjects\",\n              \"datapipeline:ValidatePipelineDefinition\",\n              \"directconnect:Describe*\",\n              \"ds:Check*\",\n              \"ds:Describe*\",\n              \"ds:Get*\",\n              \"ds:List*\",\n              \"ds:Verify*\",\n              \"dynamodb:BatchGetItem\",\n              \"dynamodb:DescribeTable\",\n              \"dynamodb:GetItem\",\n              \"dynamodb:ListTables\",\n              \"dynamodb:Query\",\n              \"dynamodb:Scan\",\n              \"ec2:Describe*\",\n              \"ec2:GetConsoleOutput\",\n              \"ecr:GetAuthorizationToken\",\n              \"ecr:BatchCheckLayerAvailability\",\n              \"ecr:GetDownloadUrlForLayer\",\n              \"ecr:GetManifest\",\n              \"ecr:DescribeRepositories\",\n              \"ecr:ListImages\",\n              \"ecr:BatchGetImage\",\n              \"ecs:Describe*\",\n              \"ecs:List*\",\n              \"elasticache:Describe*\",\n              \"elasticache:List*\",\n              \"elasticbeanstalk:Check*\",\n              \"elasticbeanstalk:Describe*\",\n              \"elasticbeanstalk:List*\",\n              \"elasticbeanstalk:RequestEnvironmentInfo\",\n              \"elasticbeanstalk:RetrieveEnvironmentInfo\",\n              \"elasticloadbalancing:Describe*\",\n              \"elasticmapreduce:Describe*\",\n              \"elasticmapreduce:List*\",\n              \"elastictranscoder:List*\",\n              \"elastictranscoder:Read*\",\n              \"es:DescribeElasticsearchDomain\",\n              \"es:DescribeElasticsearchDomains\",\n              \"es:DescribeElasticsearchDomainConfig\",\n              \"es:ListDomainNames\",\n              \"es:ListTags\",\n              \"es:ESHttpGet\",\n              \"es:ESHttpHead\",\n              \"events:DescribeRule\",\n              \"events:ListRuleNamesByTarget\",\n              \"events:ListRules\",\n              \"events:ListTargetsByRule\",\n              \"events:TestEventPattern\",\n              \"firehose:Describe*\",\n              \"firehose:List*\",\n              \"glacier:ListVaults\",\n              \"glacier:DescribeVault\",\n              \"glacier:GetDataRetrievalPolicy\",\n              \"glacier:GetVaultAccessPolicy\",\n              \"glacier:GetVaultLock\",\n              \"glacier:GetVaultNotifications\",\n              \"glacier:ListJobs\",\n              \"glacier:ListMultipartUploads\",\n              \"glacier:ListParts\",\n              \"glacier:ListTagsForVault\",\n              \"glacier:DescribeJob\",\n              \"glacier:GetJobOutput\",\n              \"inspector:Describe*\",\n              \"inspector:Get*\",\n              \"inspector:List*\",\n              \"inspector:LocalizeText\",\n              \"inspector:PreviewAgentsForResourceGroup\",\n              \"iot:Describe*\",\n              \"iot:Get*\",\n              \"iot:List*\",\n              \"kinesis:Describe*\",\n              \"kinesis:Get*\",\n              \"kinesis:List*\",\n              \"lambda:List*\",\n              \"lambda:Get*\",\n              \"logs:Describe*\",\n              \"logs:Get*\",\n              \"logs:TestMetricFilter\",\n              \"machinelearning:Describe*\",\n              \"machinelearning:Get*\",\n              \"mobilehub:GetProject\",\n              \"mobilehub:ListAvailableFeatures\",\n              \"mobilehub:ListAvailableRegions\",\n              \"mobilehub:ListProjects\",\n              \"mobilehub:ValidateProject\",\n              \"mobilehub:VerifyServiceRole\",\n              \"opsworks:Describe*\",\n              \"opsworks:Get*\",\n              \"rds:Describe*\",\n              \"rds:ListTagsForResource\",\n              \"redshift:Describe*\",\n              \"redshift:ViewQueriesInConsole\",\n              \"route53:Get*\",\n              \"route53:List*\",\n              \"route53domains:CheckDomainAvailability\",\n              \"route53domains:GetDomainDetail\",\n              \"route53domains:GetOperationDetail\",\n              \"route53domains:ListDomains\",\n              \"route53domains:ListOperations\",\n              \"route53domains:ListTagsForDomain\",\n              \"s3:Get*\",\n              \"s3:List*\",\n              \"sdb:GetAttributes\",\n              \"sdb:List*\",\n              \"sdb:Select*\",\n              \"ses:Get*\",\n              \"ses:List*\",\n              \"sns:Get*\",\n              \"sns:List*\",\n              \"sqs:GetQueueAttributes\",\n              \"sqs:ListQueues\",\n              \"sqs:ReceiveMessage\",\n              \"storagegateway:Describe*\",\n              \"storagegateway:List*\",\n              \"swf:Count*\",\n              \"swf:Describe*\",\n              \"swf:Get*\",\n              \"swf:List*\",\n              \"tag:Get*\",\n              \"trustedadvisor:Describe*\",\n              \"waf:Get*\",\n              \"waf:List*\",\n              \"workspaces:Describe*\"\n            ],            \n            \"Resource\": \"*\"\n        },\n        {\n            \"Effect\": \"Deny\",\n            \"Action\": \"s3:*\",\n            \"Resource\": [\n                \"arn:aws:s3:::*etcd*\",\n                \"arn:aws:s3:::*etcd*/*\",\n                \"arn:aws:s3:::*lemur*\",\n                \"arn:aws:s3:::*lemur*/*\",\n                \"arn:aws:s3:::*master*\",\n                \"arn:aws:s3:::*master*/*\",\n                \"arn:aws:s3:::*node*\",\n                \"arn:aws:s3:::*node*/*\"\n            ]\n        }\n    ]\n}"
                        },
                        "meta": {},
                        "tainted": false
                    },
                    "deposed": [],
                    "provider": ""
                },
                "aws_iam_policy.plops_mako_key_refresh_policy": {
                    "type": "aws_iam_policy",
                    "depends_on": [],
                    "primary": {
                        "id": "arn:aws:iam::517449413234:policy/plops-mako-key-refresh-policy",
                        "attributes": {
                            "arn": "arn:aws:iam::517449413234:policy/plops-mako-key-refresh-policy",
                            "description": "PLOPS service user policy to allow updating of access and secret keys for MAKO service users",
                            "id": "arn:aws:iam::517449413234:policy/plops-mako-key-refresh-policy",
                            "name": "plops-mako-key-refresh-policy",
                            "path": "/",
                            "policy": "{\n    \"Version\": \"2012-10-17\",\n    \"Statement\": [\n        {\n            \"Sid\": \"PlopsMakoKeyRefreshPolicy\",\n            \"Effect\": \"Allow\",\n            \"Action\": [\n                \"iam:CreateAccessKey\",\n                \"iam:DeleteAccessKey\",\n                \"iam:GetAccessKeyLastUsed\",\n                \"iam:ListAccessKeys\",\n                \"iam:UpdateAccessKey\"\n            ],\n            \"Resource\": [\n              \"arn:aws:iam::517449413234:user/mako-route53\",\n              \"arn:aws:iam::517449413234:user/mako-iam-integration\"\n            ]\n        }\n    ]\n}\n"
                        },
                        "meta": {},
                        "tainted": false
                    },
                    "deposed": [],
                    "provider": ""
                },
                "aws_iam_policy.rundeck_policy": {
                    "type": "aws_iam_policy",
                    "depends_on": [
                        "data.aws_iam_policy_document.rundeck_policy"
                    ],
                    "primary": {
                        "id": "arn:aws:iam::517449413234:policy/rundeck-policy",
                        "attributes": {
                            "arn": "arn:aws:iam::517449413234:policy/rundeck-policy",
                            "description": "Rundeck policy for tagging, S3 access, and K8s cluster creation.",
                            "id": "arn:aws:iam::517449413234:policy/rundeck-policy",
                            "name": "rundeck-policy",
                            "path": "/",
                            "policy": "{\n  \"Version\": \"2012-10-17\",\n  \"Statement\": [\n    {\n      \"Sid\": \"GraffitiMonkey\",\n      \"Effect\": \"Allow\",\n      \"Action\": [\n        \"s3:PutObject\",\n        \"s3:PutBucketTagging\",\n        \"s3:ListBucket\",\n        \"s3:GetObject\",\n        \"s3:GetBucketTagging\",\n        \"route53domains:UpdateTagsForDomain\",\n        \"route53domains:ListTagsForDomain\",\n        \"route53domains:DeleteTagsForDomain\",\n        \"route53:ListTagsForResources\",\n        \"route53:ListTagsForResource\",\n        \"route53:ChangeTagsForResource\",\n        \"redshift:DescribeTags\",\n        \"redshift:DeleteTags\",\n        \"redshift:CreateTags\",\n        \"rds:ListTagsForResource\",\n        \"rds:AddTagsToResource\",\n        \"kinesis:RemoveTagsFromStream\",\n        \"kinesis:ListTagsForStream\",\n        \"kinesis:AddTagsToStream\",\n        \"es:RemoveTags\",\n        \"es:ListTags\",\n        \"es:AddTags\",\n        \"elasticloadbalancing:RemoveTags\",\n        \"elasticloadbalancing:DescribeTags\",\n        \"elasticloadbalancing:AddTags\",\n        \"elasticache:RemoveTagsFromResource\",\n        \"elasticache:ListTagsForResource\",\n        \"elasticache:AddTagsToResource\",\n        \"ec2:ResourceTag\",\n        \"ec2:DescribeTags\",\n        \"ec2:DeleteTags\",\n        \"ec2:CreateTags\",\n        \"cloudtrail:RemoveTags\",\n        \"cloudtrail:ListTags\",\n        \"cloudtrail:AddTags\",\n        \"autoscaling:DescribeTags\",\n        \"autoscaling:DeleteTags\",\n        \"autoscaling:CreateOrUpdateTags\"\n      ],\n      \"Resource\": \"*\"\n    },\n    {\n      \"Sid\": \"RundeckPremergeJobs\",\n      \"Effect\": \"Allow\",\n      \"Action\": [\n        \"iam:RemoveRoleFromInstanceProfile\",\n        \"iam:PutRolePolicy\",\n        \"iam:PassRole\",\n        \"iam:ListInstanceProfilesForRole\",\n        \"iam:GetRolePolicy\",\n        \"iam:GetRole\",\n        \"iam:GetInstanceProfile\",\n        \"iam:DeleteRolePolicy\",\n        \"iam:DeleteRole\",\n        \"iam:DeleteInstanceProfile\",\n        \"iam:CreateRole\",\n        \"iam:CreateInstanceProfile\",\n        \"iam:AddRoleToInstanceProfile\",\n        \"elasticloadbalancing:ModifyLoadBalancerAttributes\",\n        \"elasticloadbalancing:DescribeLoadBalancers\",\n        \"elasticloadbalancing:DescribeLoadBalancerAttributes\",\n        \"elasticloadbalancing:DeleteLoadBalancer\",\n        \"elasticloadbalancing:CreateLoadBalancerListeners\",\n        \"elasticloadbalancing:CreateLoadBalancer\",\n        \"elasticloadbalancing:ConfigureHealthCheck\",\n        \"elasticloadbalancing:AttachLoadBalancerToSubnets\",\n        \"elasticloadbalancing:ApplySecurityGroupsToLoadBalancer\",\n        \"ec2:UnassignPrivateIpAddresses\",\n        \"ec2:TerminateInstances\",\n        \"ec2:StopInstances\",\n        \"ec2:StartInstances\",\n        \"ec2:RunInstances\",\n        \"ec2:RevokeSecurityGroupIngress\",\n        \"ec2:RevokeSecurityGroupEgress\",\n        \"ec2:ReleaseAddress\",\n        \"ec2:ModifyNetworkInterfaceAttribute\",\n        \"ec2:DisassociateAddress\",\n        \"ec2:DetachVolume\",\n        \"ec2:DetachNetworkInterface\",\n        \"ec2:DescribeAddresses\",\n        \"ec2:DeleteVolume\",\n        \"ec2:DeleteSnapshot\",\n        \"ec2:DeleteSecurityGroup\",\n        \"ec2:DeleteNetworkInterface\",\n        \"ec2:CreateVolume\",\n        \"ec2:CreateSnapshot\",\n        \"ec2:CreateSecurityGroup\",\n        \"ec2:CreateNetworkInterface\",\n        \"ec2:AuthorizeSecurityGroupIngress\",\n        \"ec2:AuthorizeSecurityGroupEgress\",\n        \"ec2:AttachNetworkInterface\",\n        \"ec2:AssociateAddress\",\n        \"ec2:AssignPrivateIpAddresses\",\n        \"ec2:AllocateAddress\",\n        \"autoscaling:UpdateAutoScalingGroup\",\n        \"autoscaling:DescribeLaunchConfigurations\",\n        \"autoscaling:DescribeAutoScalingGroups\",\n        \"autoscaling:DeleteLaunchConfiguration\",\n        \"autoscaling:DeleteAutoScalingGroup\",\n        \"autoscaling:CreateLaunchConfiguration\",\n        \"autoscaling:CreateAutoScalingGroup\"\n      ],\n      \"Resource\": \"*\"\n    }\n  ]\n}"
                        },
                        "meta": {},
                        "tainted": false
                    },
                    "deposed": [],
                    "provider": ""
                },
                "aws_iam_policy_attachment.administrator": {
                    "type": "aws_iam_policy_attachment",
                    "depends_on": [
                        "aws_iam_role.administrator"
                    ],
                    "primary": {
                        "id": "administrator",
                        "attributes": {
                            "groups.#": "0",
                            "id": "administrator",
                            "name": "administrator",
                            "policy_arn": "arn:aws:iam::aws:policy/AdministratorAccess",
                            "roles.#": "1",
                            "roles.1491011153": "administrator",
                            "users.#": "0"
                        },
                        "meta": {},
                        "tainted": false
                    },
                    "deposed": [],
                    "provider": ""
                },
                "aws_iam_policy_attachment.cloudability_billing": {
                    "type": "aws_iam_policy_attachment",
                    "depends_on": [
                        "aws_iam_policy.cloudability_billing",
                        "aws_iam_user.cloudability_billing"
                    ],
                    "primary": {
                        "id": "cloudability-billing",
                        "attributes": {
                            "groups.#": "0",
                            "id": "cloudability-billing",
                            "name": "cloudability-billing",
                            "policy_arn": "arn:aws:iam::517449413234:policy/cloudability-billing",
                            "roles.#": "0",
                            "users.#": "1",
                            "users.3249347572": "cloudability-billing"
                        },
                        "meta": {},
                        "tainted": false
                    },
                    "deposed": [],
                    "provider": ""
                },
                "aws_iam_policy_attachment.cloudhealth_ro": {
                    "type": "aws_iam_policy_attachment",
                    "depends_on": [
                        "aws_iam_policy.cloudhealth_ro",
                        "aws_iam_role.cloudhealth-ro"
                    ],
                    "primary": {
                        "id": "cloudhealth_ro",
                        "attributes": {
                            "groups.#": "0",
                            "id": "cloudhealth_ro",
                            "name": "cloudhealth_ro",
                            "policy_arn": "arn:aws:iam::517449413234:policy/cloudhealth_ro",
                            "roles.#": "1",
                            "roles.2548512684": "cloudhealth-ro",
                            "users.#": "0"
                        },
                        "meta": {},
                        "tainted": false
                    },
                    "deposed": [],
                    "provider": ""
                },
                "aws_iam_policy_attachment.datadog_cloudtrail_ro": {
                    "type": "aws_iam_policy_attachment",
                    "depends_on": [
                        "aws_iam_policy.datadog_cloudtrail_ro",
                        "aws_iam_role.datadog-ro"
                    ],
                    "primary": {
                        "id": "datadog_cloudtrail_ro",
                        "attributes": {
                            "groups.#": "0",
                            "id": "datadog_cloudtrail_ro",
                            "name": "datadog_cloudtrail_ro",
                            "policy_arn": "arn:aws:iam::517449413234:policy/datadog_cloudtrail_ro",
                            "roles.#": "1",
                            "roles.2871153092": "datadog-ro",
                            "users.#": "0"
                        },
                        "meta": {},
                        "tainted": false
                    },
                    "deposed": [],
                    "provider": ""
                },
                "aws_iam_policy_attachment.datadog_monitors_policy_attachment": {
                    "type": "aws_iam_policy_attachment",
                    "depends_on": [
                        "aws_iam_policy.datadog_monitors_policy",
                        "aws_iam_user.datadog_monitors"
                    ],
                    "primary": {
                        "id": "datadog-monitors-policy-attachment",
                        "attributes": {
                            "groups.#": "0",
                            "id": "datadog-monitors-policy-attachment",
                            "name": "datadog-monitors-policy-attachment",
                            "policy_arn": "arn:aws:iam::517449413234:policy/datadog-monitors-policy",
                            "roles.#": "0",
                            "users.#": "1",
                            "users.2437551867": "datadog-monitors"
                        },
                        "meta": {},
                        "tainted": false
                    },
                    "deposed": [],
                    "provider": ""
                },
                "aws_iam_policy_attachment.datadog_ro": {
                    "type": "aws_iam_policy_attachment",
                    "depends_on": [
                        "aws_iam_policy.datadog_ro",
                        "aws_iam_role.datadog-ro"
                    ],
                    "primary": {
                        "id": "datadog_ro",
                        "attributes": {
                            "groups.#": "0",
                            "id": "datadog_ro",
                            "name": "datadog_ro",
                            "policy_arn": "arn:aws:iam::517449413234:policy/datadog_ro",
                            "roles.#": "1",
                            "roles.2871153092": "datadog-ro",
                            "users.#": "0"
                        },
                        "meta": {},
                        "tainted": false
                    },
                    "deposed": [],
                    "provider": ""
                },
                "aws_iam_policy_attachment.iam_okta_full_access": {
                    "type": "aws_iam_policy_attachment",
                    "depends_on": [
                        "aws_iam_user.okta"
                    ],
                    "primary": {
                        "id": "iam_okta_full_access",
                        "attributes": {
                            "groups.#": "0",
                            "id": "iam_okta_full_access",
                            "name": "iam_okta_full_access",
                            "policy_arn": "arn:aws:iam::aws:policy/IAMFullAccess",
                            "roles.#": "0",
                            "users.#": "1",
                            "users.2003169716": "okta"
                        },
                        "meta": {},
                        "tainted": false
                    },
                    "deposed": [],
                    "provider": ""
                },
                "aws_iam_policy_attachment.mako-iam-integration": {
                    "type": "aws_iam_policy_attachment",
                    "depends_on": [
                        "aws_iam_policy.mako-iam-update-policy",
                        "aws_iam_user.mako-iam-integration"
                    ],
                    "primary": {
                        "id": "mako-iam-integration",
                        "attributes": {
                            "groups.#": "0",
                            "id": "mako-iam-integration",
                            "name": "mako-iam-integration",
                            "policy_arn": "arn:aws:iam::517449413234:policy/mako-iam-update-policy",
                            "roles.#": "0",
                            "users.#": "1",
                            "users.3880849674": "mako-iam-integration"
                        },
                        "meta": {},
                        "tainted": false
                    },
                    "deposed": [],
                    "provider": ""
                },
                "aws_iam_policy_attachment.okta-administrator": {
                    "type": "aws_iam_policy_attachment",
                    "depends_on": [
                        "aws_iam_policy.okta-administrator",
                        "aws_iam_role.okta-administrator"
                    ],
                    "primary": {
                        "id": "okta-administrator",
                        "attributes": {
                            "groups.#": "0",
                            "id": "okta-administrator",
                            "name": "okta-administrator",
                            "policy_arn": "arn:aws:iam::517449413234:policy/okta-administrator",
                            "roles.#": "1",
                            "roles.1835518372": "okta-administrator",
                            "users.#": "0"
                        },
                        "meta": {},
                        "tainted": false
                    },
                    "deposed": [],
                    "provider": ""
                },
                "aws_iam_policy_attachment.okta-poweruser": {
                    "type": "aws_iam_policy_attachment",
                    "depends_on": [
                        "aws_iam_policy.okta-poweruser",
                        "aws_iam_role.okta-poweruser"
                    ],
                    "primary": {
                        "id": "okta-poweruser",
                        "attributes": {
                            "groups.#": "0",
                            "id": "okta-poweruser",
                            "name": "okta-poweruser",
                            "policy_arn": "arn:aws:iam::517449413234:policy/okta-poweruser",
                            "roles.#": "1",
                            "roles.1227286402": "okta-poweruser",
                            "users.#": "0"
                        },
                        "meta": {},
                        "tainted": false
                    },
                    "deposed": [],
                    "provider": ""
                },
                "aws_iam_policy_attachment.okta-readonly": {
                    "type": "aws_iam_policy_attachment",
                    "depends_on": [
                        "aws_iam_policy.okta-readonly",
                        "aws_iam_role.okta-readonly"
                    ],
                    "primary": {
                        "id": "okta-readonly",
                        "attributes": {
                            "groups.#": "0",
                            "id": "okta-readonly",
                            "name": "okta-readonly",
                            "policy_arn": "arn:aws:iam::517449413234:policy/okta-readonly",
                            "roles.#": "1",
                            "roles.623623861": "okta-readonly",
                            "users.#": "0"
                        },
                        "meta": {},
                        "tainted": false
                    },
                    "deposed": [],
                    "provider": ""
                },
                "aws_iam_policy_attachment.plops_mako_key_refresh_policy_attachment": {
                    "type": "aws_iam_policy_attachment",
                    "depends_on": [
                        "aws_iam_policy.plops_mako_key_refresh_policy",
                        "aws_iam_user.plops-mako-key-refresh"
                    ],
                    "primary": {
                        "id": "plops-mako-key-refresh-policy-attachment",
                        "attributes": {
                            "groups.#": "0",
                            "id": "plops-mako-key-refresh-policy-attachment",
                            "name": "plops-mako-key-refresh-policy-attachment",
                            "policy_arn": "arn:aws:iam::517449413234:policy/plops-mako-key-refresh-policy",
                            "roles.#": "0",
                            "users.#": "1",
                            "users.51922209": "plops-mako-key-refresh"
                        },
                        "meta": {},
                        "tainted": false
                    },
                    "deposed": [],
                    "provider": ""
                },
                "aws_iam_policy_attachment.poweruser": {
                    "type": "aws_iam_policy_attachment",
                    "depends_on": [
                        "aws_iam_role.poweruser"
                    ],
                    "primary": {
                        "id": "poweruser",
                        "attributes": {
                            "groups.#": "0",
                            "id": "poweruser",
                            "name": "poweruser",
                            "policy_arn": "arn:aws:iam::aws:policy/PowerUserAccess",
                            "roles.#": "1",
                            "roles.1095938010": "poweruser",
                            "users.#": "0"
                        },
                        "meta": {},
                        "tainted": false
                    },
                    "deposed": [],
                    "provider": ""
                },
                "aws_iam_policy_attachment.readonly": {
                    "type": "aws_iam_policy_attachment",
                    "depends_on": [
                        "aws_iam_role.readonly"
                    ],
                    "primary": {
                        "id": "readonly",
                        "attributes": {
                            "groups.#": "0",
                            "id": "readonly",
                            "name": "readonly",
                            "policy_arn": "arn:aws:iam::aws:policy/ReadOnlyAccess",
                            "roles.#": "1",
                            "roles.1012845560": "readonly",
                            "users.#": "0"
                        },
                        "meta": {},
                        "tainted": false
                    },
                    "deposed": [],
                    "provider": ""
                },
                "aws_iam_policy_attachment.rundeck": {
                    "type": "aws_iam_policy_attachment",
                    "depends_on": [
                        "aws_iam_policy.rundeck_policy",
                        "aws_iam_role.eni-attach",
                        "aws_iam_role.rundeck_role",
                        "aws_iam_user.rundeck"
                    ],
                    "primary": {
                        "id": "rundeck-attach",
                        "attributes": {
                            "groups.#": "0",
                            "id": "rundeck-attach",
                            "name": "rundeck-attach",
                            "policy_arn": "arn:aws:iam::517449413234:policy/rundeck-policy",
                            "roles.#": "2",
                            "roles.4251613731": "rundeck-role",
                            "roles.547820524": "eni-attach-role",
                            "users.#": "1",
                            "users.4120814089": "rundeck"
                        },
                        "meta": {},
                        "tainted": false
                    },
                    "deposed": [],
                    "provider": ""
                },
                "aws_iam_role.administrator": {
                    "type": "aws_iam_role",
                    "depends_on": [],
                    "primary": {
                        "id": "administrator",
                        "attributes": {
                            "arn": "arn:aws:iam::517449413234:role/administrator",
                            "assume_role_policy": "{\"Version\":\"2012-10-17\",\"Statement\":[{\"Effect\":\"Allow\",\"Principal\":{\"AWS\":\"arn:aws:iam::236799202671:root\"},\"Action\":\"sts:AssumeRole\"}]}",
                            "create_date": "2016-06-28T22:37:54Z",
                            "id": "administrator",
                            "name": "administrator",
                            "path": "/",
                            "unique_id": "AROAJD3CM6RAFEUBYMLE2"
                        },
                        "meta": {},
                        "tainted": false
                    },
                    "deposed": [],
                    "provider": ""
                },
                "aws_iam_role.ansible": {
                    "type": "aws_iam_role",
                    "depends_on": [],
                    "primary": {
                        "id": "ansible-role",
                        "attributes": {
                            "arn": "arn:aws:iam::517449413234:role/ansible-role",
                            "assume_role_policy": "{\"Version\":\"2012-10-17\",\"Statement\":[{\"Sid\":\"\",\"Effect\":\"Allow\",\"Principal\":{\"Service\":\"ec2.amazonaws.com\"},\"Action\":\"sts:AssumeRole\"}]}",
                            "create_date": "2016-06-28T22:37:54Z",
                            "id": "ansible-role",
                            "name": "ansible-role",
                            "path": "/",
                            "unique_id": "AROAIIFBHMMV6MWUIMYVG"
                        },
                        "meta": {},
                        "tainted": false
                    },
                    "deposed": [],
                    "provider": ""
                },
                "aws_iam_role.cloudhealth-ro": {
                    "type": "aws_iam_role",
                    "depends_on": [],
                    "primary": {
                        "id": "cloudhealth-ro",
                        "attributes": {
                            "arn": "arn:aws:iam::517449413234:role/cloudhealth-ro",
                            "assume_role_policy": "{\"Version\":\"2012-10-17\",\"Statement\":[{\"Effect\":\"Allow\",\"Principal\":{\"AWS\":\"arn:aws:iam::454464851268:root\"},\"Action\":\"sts:AssumeRole\",\"Condition\":{\"StringEquals\":{\"sts:ExternalId\":\"jcc4frMqLmEt5E7TjkJ8\"}}}]}",
                            "create_date": "2016-11-01T22:35:45Z",
                            "id": "cloudhealth-ro",
                            "name": "cloudhealth-ro",
                            "path": "/",
                            "unique_id": "AROAJPERIQSB4I3XDWGHW"
                        },
                        "meta": {},
                        "tainted": false
                    },
                    "deposed": [],
                    "provider": ""
                },
                "aws_iam_role.cloudtrail_cloudwatch": {
                    "type": "aws_iam_role",
                    "depends_on": [],
                    "primary": {
                        "id": "cloudtrail_cloudwatch",
                        "attributes": {
                            "arn": "arn:aws:iam::517449413234:role/cloudtrail_cloudwatch",
                            "assume_role_policy": "{\"Version\":\"2012-10-17\",\"Statement\":[{\"Effect\":\"Allow\",\"Principal\":{\"Service\":\"cloudtrail.amazonaws.com\"},\"Action\":\"sts:AssumeRole\"}]}",
                            "create_date": "2017-01-26T18:33:20Z",
                            "id": "cloudtrail_cloudwatch",
                            "name": "cloudtrail_cloudwatch",
                            "path": "/",
                            "unique_id": "AROAIHYL7QHFN6FPJ46CC"
                        },
                        "meta": {},
                        "tainted": false
                    },
                    "deposed": [],
                    "provider": ""
                },
                "aws_iam_role.datadog-ro": {
                    "type": "aws_iam_role",
                    "depends_on": [],
                    "primary": {
                        "id": "datadog-ro",
                        "attributes": {
                            "arn": "arn:aws:iam::517449413234:role/datadog-ro",
                            "assume_role_policy": "{\"Version\":\"2012-10-17\",\"Statement\":[{\"Effect\":\"Allow\",\"Principal\":{\"AWS\":\"arn:aws:iam::464622532012:root\"},\"Action\":\"sts:AssumeRole\",\"Condition\":{\"StringEquals\":{\"sts:ExternalId\":\"b05329ebe34a4230b875de54889bbd0c\"}}}]}",
                            "create_date": "2016-07-11T18:07:38Z",
                            "id": "datadog-ro",
                            "name": "datadog-ro",
                            "path": "/",
                            "unique_id": "AROAID7BH7GAS6PBMZTZA"
                        },
                        "meta": {},
                        "tainted": false
                    },
                    "deposed": [],
                    "provider": ""
                },
                "aws_iam_role.eni-attach": {
                    "type": "aws_iam_role",
                    "depends_on": [],
                    "primary": {
                        "id": "eni-attach-role",
                        "attributes": {
                            "arn": "arn:aws:iam::517449413234:role/eni-attach-role",
                            "assume_role_policy": "{\"Version\":\"2012-10-17\",\"Statement\":[{\"Sid\":\"\",\"Effect\":\"Allow\",\"Principal\":{\"Service\":\"ec2.amazonaws.com\"},\"Action\":\"sts:AssumeRole\"}]}",
                            "create_date": "2016-06-28T22:37:54Z",
                            "id": "eni-attach-role",
                            "name": "eni-attach-role",
                            "path": "/",
                            "unique_id": "AROAJMJY4WQZEO4RLDFFI"
                        },
                        "meta": {},
                        "tainted": false
                    },
                    "deposed": [],
                    "provider": ""
                },
                "aws_iam_role.lemur_role": {
                    "type": "aws_iam_role",
                    "depends_on": [],
                    "primary": {
                        "id": "Lemur",
                        "attributes": {
                            "arn": "arn:aws:iam::517449413234:role/Lemur",
                            "assume_role_policy": "{\"Version\":\"2008-10-17\",\"Statement\":[{\"Sid\":\"\",\"Effect\":\"Allow\",\"Principal\":{\"AWS\":[\"arn:aws:iam::663559125979:role/Lemur\",\"arn:aws:iam::417900408555:role/Lemur\"]},\"Action\":\"sts:AssumeRole\"}]}",
                            "create_date": "2016-11-22T21:51:06Z",
                            "id": "Lemur",
                            "name": "Lemur",
                            "path": "/",
                            "unique_id": "AROAJQYSGNEV7MK7K5P5W"
                        },
                        "meta": {},
                        "tainted": false
                    },
                    "deposed": [],
                    "provider": ""
                },
                "aws_iam_role.okta-administrator": {
                    "type": "aws_iam_role",
                    "depends_on": [
                        "data.template_file.okta-assumerole"
                    ],
                    "primary": {
                        "id": "okta-administrator",
                        "attributes": {
                            "arn": "arn:aws:iam::517449413234:role/okta-administrator",
                            "assume_role_policy": "{\"Version\":\"2012-10-17\",\"Statement\":[{\"Effect\":\"Allow\",\"Principal\":{\"Federated\":\"arn:aws:iam::517449413234:saml-provider/okta\"},\"Action\":\"sts:AssumeRoleWithSAML\",\"Condition\":{\"StringEquals\":{\"SAML:aud\":\"https://signin.aws.amazon.com/saml\"}}}]}",
                            "create_date": "2016-06-28T23:54:09Z",
                            "id": "okta-administrator",
                            "name": "okta-administrator",
                            "path": "/",
                            "unique_id": "AROAJHQ4GFN2ZP5B3KRTI"
                        },
                        "meta": {},
                        "tainted": false
                    },
                    "deposed": [],
                    "provider": ""
                },
                "aws_iam_role.okta-poweruser": {
                    "type": "aws_iam_role",
                    "depends_on": [
                        "data.template_file.okta-assumerole"
                    ],
                    "primary": {
                        "id": "okta-poweruser",
                        "attributes": {
                            "arn": "arn:aws:iam::517449413234:role/okta-poweruser",
                            "assume_role_policy": "{\"Version\":\"2012-10-17\",\"Statement\":[{\"Effect\":\"Allow\",\"Principal\":{\"Federated\":\"arn:aws:iam::517449413234:saml-provider/okta\"},\"Action\":\"sts:AssumeRoleWithSAML\",\"Condition\":{\"StringEquals\":{\"SAML:aud\":\"https://signin.aws.amazon.com/saml\"}}}]}",
                            "create_date": "2016-06-28T23:54:09Z",
                            "id": "okta-poweruser",
                            "name": "okta-poweruser",
                            "path": "/",
                            "unique_id": "AROAIKPFS2CABJQWLWUE4"
                        },
                        "meta": {},
                        "tainted": false
                    },
                    "deposed": [],
                    "provider": ""
                },
                "aws_iam_role.okta-readonly": {
                    "type": "aws_iam_role",
                    "depends_on": [
                        "data.template_file.okta-assumerole"
                    ],
                    "primary": {
                        "id": "okta-readonly",
                        "attributes": {
                            "arn": "arn:aws:iam::517449413234:role/okta-readonly",
                            "assume_role_policy": "{\"Version\":\"2012-10-17\",\"Statement\":[{\"Effect\":\"Allow\",\"Principal\":{\"Federated\":\"arn:aws:iam::517449413234:saml-provider/okta\"},\"Action\":\"sts:AssumeRoleWithSAML\",\"Condition\":{\"StringEquals\":{\"SAML:aud\":\"https://signin.aws.amazon.com/saml\"}}}]}",
                            "create_date": "2016-06-28T23:54:09Z",
                            "id": "okta-readonly",
                            "name": "okta-readonly",
                            "path": "/",
                            "unique_id": "AROAIB2ZMCRXWCSFFEGMO"
                        },
                        "meta": {},
                        "tainted": false
                    },
                    "deposed": [],
                    "provider": ""
                },
                "aws_iam_role.poweruser": {
                    "type": "aws_iam_role",
                    "depends_on": [],
                    "primary": {
                        "id": "poweruser",
                        "attributes": {
                            "arn": "arn:aws:iam::517449413234:role/poweruser",
                            "assume_role_policy": "{\"Version\":\"2012-10-17\",\"Statement\":[{\"Effect\":\"Allow\",\"Principal\":{\"AWS\":\"arn:aws:iam::236799202671:root\"},\"Action\":\"sts:AssumeRole\"}]}",
                            "create_date": "2016-06-28T22:37:54Z",
                            "id": "poweruser",
                            "name": "poweruser",
                            "path": "/",
                            "unique_id": "AROAINQ6A2V73SXQX42BI"
                        },
                        "meta": {},
                        "tainted": false
                    },
                    "deposed": [],
                    "provider": ""
                },
                "aws_iam_role.readonly": {
                    "type": "aws_iam_role",
                    "depends_on": [],
                    "primary": {
                        "id": "readonly",
                        "attributes": {
                            "arn": "arn:aws:iam::517449413234:role/readonly",
                            "assume_role_policy": "{\"Version\":\"2012-10-17\",\"Statement\":[{\"Effect\":\"Allow\",\"Principal\":{\"AWS\":\"arn:aws:iam::236799202671:root\"},\"Action\":\"sts:AssumeRole\"}]}",
                            "create_date": "2016-06-28T22:37:54Z",
                            "id": "readonly",
                            "name": "readonly",
                            "path": "/",
                            "unique_id": "AROAJXBHHBJ3I73FAMQK4"
                        },
                        "meta": {},
                        "tainted": false
                    },
                    "deposed": [],
                    "provider": ""
                },
                "aws_iam_role.reco-administrator": {
                    "type": "aws_iam_role",
                    "depends_on": [],
                    "primary": {
                        "id": "reco-administrator",
                        "attributes": {
                            "arn": "arn:aws:iam::517449413234:role/reco-administrator",
                            "assume_role_policy": "{\"Version\":\"2012-10-17\",\"Statement\":[{\"Effect\":\"Allow\",\"Principal\":{\"AWS\":\"arn:aws:iam::236799202671:root\"},\"Action\":\"sts:AssumeRole\"}]}",
                            "create_date": "2016-11-22T21:51:06Z",
                            "id": "reco-administrator",
                            "name": "reco-administrator",
                            "path": "/",
                            "unique_id": "AROAIXJFYUX7YDDR5WR6I"
                        },
                        "meta": {},
                        "tainted": false
                    },
                    "deposed": [],
                    "provider": ""
                },
                "aws_iam_role.rundeck_role": {
                    "type": "aws_iam_role",
                    "depends_on": [],
                    "primary": {
                        "id": "rundeck-role",
                        "attributes": {
                            "arn": "arn:aws:iam::517449413234:role/rundeck-role",
                            "assume_role_policy": "{\"Version\":\"2012-10-17\",\"Statement\":[{\"Sid\":\"\",\"Effect\":\"Allow\",\"Principal\":{\"Service\":\"ec2.amazonaws.com\"},\"Action\":\"sts:AssumeRole\"}]}",
                            "create_date": "2017-03-09T22:35:18Z",
                            "id": "rundeck-role",
                            "name": "rundeck-role",
                            "path": "/",
                            "unique_id": "AROAJ6JKRVQBOJVXBG4CU"
                        },
                        "meta": {},
                        "tainted": false
                    },
                    "deposed": [],
                    "provider": ""
                },
                "aws_iam_role_policy.ansible": {
                    "type": "aws_iam_role_policy",
                    "depends_on": [
                        "aws_iam_role.ansible"
                    ],
                    "primary": {
                        "id": "ansible-role:ansible-policy",
                        "attributes": {
                            "id": "ansible-role:ansible-policy",
                            "name": "ansible-policy",
                            "policy": "{\n    \"Version\": \"2012-10-17\",\n    \"Statement\": [\n        {\n              \"Effect\": \"Allow\",\n              \"Action\": [\n                \"ec2:Describe*\",\n                \"route53:ListHostedZones\",\n                \"route53:ListResourceRecordSets\",\n                \"rds:Describe*\",\n                \"elasticache:Describe*\",\n                \"s3:GetObject\",\n                \"s3:ListAllMyBuckets\",\n                \"s3:ListBucket\"\n              ],\n              \"Resource\": \"*\"\n        }\n    ]\n}\n",
                            "role": "ansible-role"
                        },
                        "meta": {},
                        "tainted": false
                    },
                    "deposed": [],
                    "provider": ""
                },
                "aws_iam_role_policy.cloudtrail_cloudwatch": {
                    "type": "aws_iam_role_policy",
                    "depends_on": [
                        "aws_cloudwatch_log_group.cloudtrail_logs",
                        "aws_iam_role.cloudtrail_cloudwatch"
                    ],
                    "primary": {
                        "id": "cloudtrail_cloudwatch:cloudtrail_cloudwatch",
                        "attributes": {
                            "id": "cloudtrail_cloudwatch:cloudtrail_cloudwatch",
                            "name": "cloudtrail_cloudwatch",
                            "policy": "{\n    \"Version\": \"2012-10-17\",\n    \"Statement\": [\n        {\n            \"Sid\": \"AWSCloudTrailCreateLogStream\",\n            \"Effect\": \"Allow\",\n            \"Action\": [\n                \"logs:CreateLogStream\"\n            ],\n            \"Resource\": [\n                \"arn:aws:logs:us-west-2:517449413234:log-group:cloudtrail/logs:log-stream:517449413234_CloudTrail_us-west-2*\"\n            ]\n        },\n        {\n            \"Sid\": \"AWSCloudTrailPutLogEvents\",\n            \"Effect\": \"Allow\",\n            \"Action\": [\n                \"logs:PutLogEvents\"\n            ],\n            \"Resource\": [\n                \"arn:aws:logs:us-west-2:517449413234:log-group:cloudtrail/logs:log-stream:517449413234_CloudTrail_us-west-2*\"\n            ]\n        }\n    ]\n}\n",
                            "role": "cloudtrail_cloudwatch"
                        },
                        "meta": {},
                        "tainted": false
                    },
                    "deposed": [],
                    "provider": ""
                },
                "aws_iam_role_policy.eni-attach": {
                    "type": "aws_iam_role_policy",
                    "depends_on": [
                        "aws_iam_role.eni-attach"
                    ],
                    "primary": {
                        "id": "eni-attach-role:eni-attach-policy",
                        "attributes": {
                            "id": "eni-attach-role:eni-attach-policy",
                            "name": "eni-attach-policy",
                            "policy": "{\n    \"Version\": \"2012-10-17\",\n    \"Statement\": [\n        {\n              \"Effect\": \"Allow\",\n              \"Action\": [\n                \"ec2:Describe*\",\n                \"ec2:CreateTags\",\n                \"ec2:DeleteTags\",\n                \"route53:ListHostedZones\",\n                \"route53:ListResourceRecordSets\",\n                \"rds:Describe*\",\n                \"elasticache:Describe*\",\n                \"s3:GetObject\",\n                \"s3:ListAllMyBuckets\",\n                \"s3:ListBucket\",\n                \"ec2:AttachNetworkInterface\"\n              ],\n              \"Resource\": \"*\"\n        }\n    ]\n}\n",
                            "role": "eni-attach-role"
                        },
                        "meta": {},
                        "tainted": false
                    },
                    "deposed": [],
                    "provider": ""
                },
                "aws_iam_role_policy.lemur_policy": {
                    "type": "aws_iam_role_policy",
                    "depends_on": [
                        "aws_iam_role.lemur_role",
                        "aws_route53_zone.services"
                    ],
                    "primary": {
                        "id": "Lemur:route53",
                        "attributes": {
                            "id": "Lemur:route53",
                            "name": "route53",
                            "policy": "{\n    \"Version\": \"2012-10-17\",\n    \"Statement\": [\n        {\n            \"Effect\": \"Allow\",\n            \"Action\": [\n                \"route53:GetChange\",\n                \"route53:GetChangeDetails\",\n                \"route53:ListHostedZones\"\n            ],\n            \"Resource\": \"*\"\n        },\n        {\n            \"Effect\": \"Allow\",\n            \"Action\": \"route53:ChangeResourceRecordSets\",\n            \"Resource\": \"arn:aws:route53:::hostedzone/Z1DVQ4TJ05VQXR\"\n        }\n    ]\n}\n",
                            "role": "Lemur"
                        },
                        "meta": {},
                        "tainted": false
                    },
                    "deposed": [],
                    "provider": ""
                },
                "aws_iam_role_policy.reco-route53": {
                    "type": "aws_iam_role_policy",
                    "depends_on": [
                        "aws_iam_role.reco-administrator",
                        "aws_route53_zone.services"
                    ],
                    "primary": {
                        "id": "reco-administrator:reco-route53",
                        "attributes": {
                            "id": "reco-administrator:reco-route53",
                            "name": "reco-route53",
                            "policy": "{\n    \"Version\": \"2012-10-17\",\n    \"Statement\": [\n        {\n            \"Effect\": \"Allow\",\n            \"Action\": [\n                \"route53:GetChange\",\n                \"route53:GetChangeDetails\",\n                \"route53:ListHostedZones\"\n            ],\n            \"Resource\": \"*\"\n        },\n        {\n            \"Effect\": \"Allow\",\n            \"Action\": \"route53:ChangeResourceRecordSets\",\n            \"Resource\": \"arn:aws:route53:::hostedzone/Z1DVQ4TJ05VQXR\"\n        }\n    ]\n}\n",
                            "role": "reco-administrator"
                        },
                        "meta": {},
                        "tainted": false
                    },
                    "deposed": [],
                    "provider": ""
                },
                "aws_iam_saml_provider.default": {
                    "type": "aws_iam_saml_provider",
                    "depends_on": [],
                    "primary": {
                        "id": "arn:aws:iam::517449413234:saml-provider/okta",
                        "attributes": {
                            "arn": "arn:aws:iam::517449413234:saml-provider/okta",
                            "id": "arn:aws:iam::517449413234:saml-provider/okta",
                            "name": "okta",
                            "saml_metadata_document": "\u003c?xml version=\"1.0\" encoding=\"UTF-8\"?\u003e\u003cmd:EntityDescriptor xmlns:md=\"urn:oasis:names:tc:SAML:2.0:metadata\" entityID=\"http://www.okta.com/exk180x90iyukNleM1d8\"\u003e\u003cmd:IDPSSODescriptor WantAuthnRequestsSigned=\"false\" protocolSupportEnumeration=\"urn:oasis:names:tc:SAML:2.0:protocol\"\u003e\u003cmd:KeyDescriptor use=\"signing\"\u003e\u003cds:KeyInfo xmlns:ds=\"http://www.w3.org/2000/09/xmldsig#\"\u003e\u003cds:X509Data\u003e\u003cds:X509Certificate\u003eMIIDmDCCAoCgAwIBAgIGAUtBVtzPMA0GCSqGSIb3DQEBBQUAMIGMMQswCQYDVQQGEwJVUzETMBEG\nA1UECAwKQ2FsaWZvcm5pYTEWMBQGA1UEBwwNU2FuIEZyYW5jaXNjbzENMAsGA1UECgwET2t0YTEU\nMBIGA1UECwwLU1NPUHJvdmlkZXIxDTALBgNVBAMMBGppdmUxHDAaBgkqhkiG9w0BCQEWDWluZm9A\nb2t0YS5jb20wHhcNMTUwMTMxMTg1MjA2WhcNNDUwMTMxMTg1MzA2WjCBjDELMAkGA1UEBhMCVVMx\nEzARBgNVBAgMCkNhbGlmb3JuaWExFjAUBgNVBAcMDVNhbiBGcmFuY2lzY28xDTALBgNVBAoMBE9r\ndGExFDASBgNVBAsMC1NTT1Byb3ZpZGVyMQ0wCwYDVQQDDARqaXZlMRwwGgYJKoZIhvcNAQkBFg1p\nbmZvQG9rdGEuY29tMIIBIjANBgkqhkiG9w0BAQEFAAOCAQ8AMIIBCgKCAQEAvyFTFg6xXPgRRcx6\nGmUkVMo/l2QMLWZLBSQtQWQigQ/ionR0uYH2/v4iJwDL8aEBfeX40D8wpFJYn0vEiS40G7PARQQd\n4vgUuE1BvqVt+ytKgKb4sEOaP6IIvfyAGsU2s4+bzmSOJM916el6bMAUzLyftTpoyMWbC2eVrISX\n370FErvfjUFWPE4TK7vYR5AkkYp/M/dfTlLtf37O5lURgLqGvvWTqvQ0iCR8XXDuqE+lp8+3OPXZ\nw9SkEZEs66YFAE8gLdConUK/8jxUTxYoyBzvGt/b2gVylvTUl3r4X+bLOKiIYdO4i1OP5QmzDQ1m\nMTUkV6DynoB6wrOA9mFKuwIDAQABMA0GCSqGSIb3DQEBBQUAA4IBAQAacNdkFlxyHczbm8CHZT58\nTyT75aZ6utkOt971bnI7i/pNJ2lazOAaUjTVhHehyZLU8vRK+QVduaWirjOh/ZChgLit4Hn5Q6j8\nDCtxf7GXtsWcbGzjMyqZqshZY+Oop7RkwCuAt10xsZiDzhODqjUut87Smj24Rj/xNMQXzY4wjG0n\nJyEEaTeNbxIeNvbY/2szB96hLVPUxYD5pgGxNjKlM5SCmN/QhUuKFVgnQ8sMPgEKbAd7Dw1vf/RF\nXg9+0K94NjRVjZNFDLtw/HHQoN2jgtXLXsPPIKCkUEH1p16vCixfGdpPbgLUSA3th2d5oRRUHPUi\nGy84znavIOH68EYt\u003c/ds:X509Certificate\u003e\u003c/ds:X509Data\u003e\u003c/ds:KeyInfo\u003e\u003c/md:KeyDescriptor\u003e\u003cmd:NameIDFormat\u003eurn:oasis:names:tc:SAML:1.1:nameid-format:emailAddress\u003c/md:NameIDFormat\u003e\u003cmd:NameIDFormat\u003eurn:oasis:names:tc:SAML:1.1:nameid-format:unspecified\u003c/md:NameIDFormat\u003e\u003cmd:SingleSignOnService Binding=\"urn:oasis:names:tc:SAML:2.0:bindings:HTTP-POST\" Location=\"https://jive.okta.com/app/amazon_aws/exk180x90iyukNleM1d8/sso/saml\"/\u003e\u003cmd:SingleSignOnService Binding=\"urn:oasis:names:tc:SAML:2.0:bindings:HTTP-Redirect\" Location=\"https://jive.okta.com/app/amazon_aws/exk180x90iyukNleM1d8/sso/saml\"/\u003e\u003c/md:IDPSSODescriptor\u003e\u003c/md:EntityDescriptor\u003e",
                            "valid_until": "Sun, 28 Jun 2116 23:54:08 UTC"
                        },
                        "meta": {},
                        "tainted": false
                    },
                    "deposed": [],
                    "provider": ""
                },
                "aws_iam_user.cloudability_billing": {
                    "type": "aws_iam_user",
                    "depends_on": [],
                    "primary": {
                        "id": "cloudability-billing",
                        "attributes": {
                            "arn": "arn:aws:iam::517449413234:user/cloudability-billing",
                            "force_destroy": "false",
                            "id": "cloudability-billing",
                            "name": "cloudability-billing",
                            "path": "/",
                            "unique_id": "AIDAIV6LQJSWNQJY7IRJC"
                        },
                        "meta": {},
                        "tainted": false
                    },
                    "deposed": [],
                    "provider": ""
                },
                "aws_iam_user.datadog_monitors": {
                    "type": "aws_iam_user",
                    "depends_on": [],
                    "primary": {
                        "id": "datadog-monitors",
                        "attributes": {
                            "arn": "arn:aws:iam::517449413234:user/datadog-monitors",
                            "force_destroy": "false",
                            "id": "datadog-monitors",
                            "name": "datadog-monitors",
                            "path": "/",
                            "unique_id": "AIDAIV7YS5WGOJ47CLUYO"
                        },
                        "meta": {},
                        "tainted": false
                    },
                    "deposed": [],
                    "provider": ""
                },
                "aws_iam_user.mako-iam-integration": {
                    "type": "aws_iam_user",
                    "depends_on": [],
                    "primary": {
                        "id": "mako-iam-integration",
                        "attributes": {
                            "arn": "arn:aws:iam::517449413234:user/mako-iam-integration",
                            "force_destroy": "false",
                            "id": "mako-iam-integration",
                            "name": "mako-iam-integration",
                            "path": "/",
                            "unique_id": "AIDAIVLVT2IER66P3F3WO"
                        },
                        "meta": {},
                        "tainted": false
                    },
                    "deposed": [],
                    "provider": ""
                },
                "aws_iam_user.mako-route53": {
                    "type": "aws_iam_user",
                    "depends_on": [],
                    "primary": {
                        "id": "mako-route53",
                        "attributes": {
                            "arn": "arn:aws:iam::517449413234:user/mako-route53",
                            "force_destroy": "false",
                            "id": "mako-route53",
                            "name": "mako-route53",
                            "path": "/",
                            "unique_id": "AIDAIAVE72HWGUTL5BJJU"
                        },
                        "meta": {},
                        "tainted": false
                    },
                    "deposed": [],
                    "provider": ""
                },
                "aws_iam_user.okta": {
                    "type": "aws_iam_user",
                    "depends_on": [],
                    "primary": {
                        "id": "okta",
                        "attributes": {
                            "arn": "arn:aws:iam::517449413234:user/okta",
                            "force_destroy": "false",
                            "id": "okta",
                            "name": "okta",
                            "path": "/",
                            "unique_id": "AIDAIV62IWSTADDBHP27K"
                        },
                        "meta": {},
                        "tainted": false
                    },
                    "deposed": [],
                    "provider": ""
                },
                "aws_iam_user.plops-mako-key-refresh": {
                    "type": "aws_iam_user",
                    "depends_on": [],
                    "primary": {
                        "id": "plops-mako-key-refresh",
                        "attributes": {
                            "arn": "arn:aws:iam::517449413234:user/plops-mako-key-refresh",
                            "force_destroy": "false",
                            "id": "plops-mako-key-refresh",
                            "name": "plops-mako-key-refresh",
                            "path": "/",
                            "unique_id": "AIDAJFT5TMWWHMIYCBSYS"
                        },
                        "meta": {},
                        "tainted": false
                    },
                    "deposed": [],
                    "provider": ""
                },
                "aws_iam_user.rundeck": {
                    "type": "aws_iam_user",
                    "depends_on": [],
                    "primary": {
                        "id": "rundeck",
                        "attributes": {
                            "arn": "arn:aws:iam::517449413234:user/rundeck",
                            "force_destroy": "false",
                            "id": "rundeck",
                            "name": "rundeck",
                            "path": "/",
                            "unique_id": "AIDAJMSZSEEG4VW523A6S"
                        },
                        "meta": {},
                        "tainted": false
                    },
                    "deposed": [],
                    "provider": ""
                },
                "aws_iam_user_policy.services_route53": {
                    "type": "aws_iam_user_policy",
                    "depends_on": [
                        "aws_iam_user.mako-route53",
                        "data.template_file.route53_policy"
                    ],
                    "primary": {
                        "id": "mako-route53:services_route53",
                        "attributes": {
                            "id": "mako-route53:services_route53",
                            "name": "services_route53",
                            "policy": "{\n   \"Version\": \"2012-10-17\",\n   \"Statement\":[\n      {\n         \"Effect\":\"Allow\",\n         \"Action\":[\"route53:ChangeResourceRecordSets\"],\n         \"Resource\":[\"arn:aws:route53:::hostedzone/Z1DVQ4TJ05VQXR\"]\n      },\n      {\n         \"Effect\":\"Allow\",\n         \"Action\":[\"route53:GetChange\"],\n         \"Resource\":\"arn:aws:route53:::change/*\"\n      },\n      {\n          \"Effect\": \"Allow\",\n          \"Action\": \"route53:ListHostedZonesByName\",\n          \"Resource\": \"*\"\n      }]\n}\n",
                            "user": "mako-route53"
                        },
                        "meta": {},
                        "tainted": false
                    },
                    "deposed": [],
                    "provider": ""
                },
                "aws_route53_record.bastion-eu-central-1-jive-data-brewprod-bastion": {
                    "type": "aws_route53_record",
                    "depends_on": [
                        "aws_route53_zone.infra"
                    ],
                    "primary": {
                        "id": "Z1VT4H9T8HRLM3_bastion-eu-central-1-jive-data-brewprod_A",
                        "attributes": {
                            "fqdn": "bastion-eu-central-1-jive-data-brewprod.infra.jivehosted.com",
                            "health_check_id": "",
                            "id": "Z1VT4H9T8HRLM3_bastion-eu-central-1-jive-data-brewprod_A",
                            "name": "bastion-eu-central-1-jive-data-brewprod",
                            "records.#": "1",
                            "records.3561307026": "110.127.70.7",
                            "set_identifier": "",
                            "ttl": "300",
                            "type": "A",
                            "zone_id": "Z1VT4H9T8HRLM3"
                        },
                        "meta": {
                            "schema_version": "2"
                        },
                        "tainted": false
                    },
                    "deposed": [],
                    "provider": ""
                },
                "aws_route53_record.bastion-eu-central-1-jive-data-pipeline-bastion": {
                    "type": "aws_route53_record",
                    "depends_on": [
                        "aws_route53_zone.infra"
                    ],
                    "primary": {
                        "id": "Z1VT4H9T8HRLM3_bastion-eu-central-1-jive-data-pipeline_A",
                        "attributes": {
                            "fqdn": "bastion-eu-central-1-jive-data-pipeline.infra.jivehosted.com",
                            "health_check_id": "",
                            "id": "Z1VT4H9T8HRLM3_bastion-eu-central-1-jive-data-pipeline_A",
                            "name": "bastion-eu-central-1-jive-data-pipeline",
                            "records.#": "1",
                            "records.4244007568": "10.127.69.7",
                            "set_identifier": "",
                            "ttl": "300",
                            "type": "A",
                            "zone_id": "Z1VT4H9T8HRLM3"
                        },
                        "meta": {
                            "schema_version": "2"
                        },
                        "tainted": false
                    },
                    "deposed": [],
                    "provider": ""
                },
                "aws_route53_record.bastion-eu-central-1-jive-data-prod-bastion": {
                    "type": "aws_route53_record",
                    "depends_on": [
                        "aws_route53_zone.infra"
                    ],
                    "primary": {
                        "id": "Z1VT4H9T8HRLM3_bastion-eu-central-1-jive-data-prod_A",
                        "attributes": {
                            "fqdn": "bastion-eu-central-1-jive-data-prod.infra.jivehosted.com",
                            "health_check_id": "",
                            "id": "Z1VT4H9T8HRLM3_bastion-eu-central-1-jive-data-prod_A",
                            "name": "bastion-eu-central-1-jive-data-prod",
                            "records.#": "1",
                            "records.1247370317": "10.127.71.7",
                            "set_identifier": "",
                            "ttl": "300",
                            "type": "A",
                            "zone_id": "Z1VT4H9T8HRLM3"
                        },
                        "meta": {
                            "schema_version": "2"
                        },
                        "tainted": false
                    },
                    "deposed": [],
                    "provider": ""
                },
                "aws_route53_record.bastion-eu-central-1-jive-infra-pipeline-bastion": {
                    "type": "aws_route53_record",
                    "depends_on": [
                        "aws_route53_zone.infra"
                    ],
                    "primary": {
                        "id": "Z1VT4H9T8HRLM3_bastion-eu-central-1-jive-infra-pipeline_A",
                        "attributes": {
                            "fqdn": "bastion-eu-central-1-jive-infra-pipeline.infra.jivehosted.com",
                            "health_check_id": "",
                            "id": "Z1VT4H9T8HRLM3_bastion-eu-central-1-jive-infra-pipeline_A",
                            "name": "bastion-eu-central-1-jive-infra-pipeline",
                            "records.#": "1",
                            "records.4096719299": "10.127.64.7",
                            "set_identifier": "",
                            "ttl": "300",
                            "type": "A",
                            "zone_id": "Z1VT4H9T8HRLM3"
                        },
                        "meta": {
                            "schema_version": "2"
                        },
                        "tainted": false
                    },
                    "deposed": [],
                    "provider": ""
                },
                "aws_route53_record.bastion-eu-central-1-jive-microservices-pipeline-bastion": {
                    "type": "aws_route53_record",
                    "depends_on": [
                        "aws_route53_zone.infra"
                    ],
                    "primary": {
                        "id": "Z1VT4H9T8HRLM3_bastion-eu-central-1-jive-microservices-pipeline_A",
                        "attributes": {
                            "fqdn": "bastion-eu-central-1-jive-microservices-pipeline.infra.jivehosted.com",
                            "health_check_id": "",
                            "id": "Z1VT4H9T8HRLM3_bastion-eu-central-1-jive-microservices-pipeline_A",
                            "name": "bastion-eu-central-1-jive-microservices-pipeline",
                            "records.#": "1",
                            "records.1210049044": "10.127.72.7",
                            "set_identifier": "",
                            "ttl": "300",
                            "type": "A",
                            "zone_id": "Z1VT4H9T8HRLM3"
                        },
                        "meta": {
                            "schema_version": "2"
                        },
                        "tainted": false
                    },
                    "deposed": [],
                    "provider": ""
                },
                "aws_route53_record.bastion-eu-central-1-jive-ps-pipeline-bastion": {
                    "type": "aws_route53_record",
                    "depends_on": [
                        "aws_route53_zone.infra"
                    ],
                    "primary": {
                        "id": "Z1VT4H9T8HRLM3_bastion-eu-central-1-jive-ps-pipeline_A",
                        "attributes": {
                            "fqdn": "bastion-eu-central-1-jive-ps-pipeline.infra.jivehosted.com",
                            "health_check_id": "",
                            "id": "Z1VT4H9T8HRLM3_bastion-eu-central-1-jive-ps-pipeline_A",
                            "name": "bastion-eu-central-1-jive-ps-pipeline",
                            "records.#": "1",
                            "records.4018253641": "10.127.58.7",
                            "set_identifier": "",
                            "ttl": "300",
                            "type": "A",
                            "zone_id": "Z1VT4H9T8HRLM3"
                        },
                        "meta": {
                            "schema_version": "2"
                        },
                        "tainted": false
                    },
                    "deposed": [],
                    "provider": ""
                },
                "aws_route53_record.bastion-eu-central-1-jive-ps-prod-bastion": {
                    "type": "aws_route53_record",
                    "depends_on": [
                        "aws_route53_zone.infra"
                    ],
                    "primary": {
                        "id": "Z1VT4H9T8HRLM3_bastion-eu-central-1-jive-ps-prod_A",
                        "attributes": {
                            "fqdn": "bastion-eu-central-1-jive-ps-prod.infra.jivehosted.com",
                            "health_check_id": "",
                            "id": "Z1VT4H9T8HRLM3_bastion-eu-central-1-jive-ps-prod_A",
                            "name": "bastion-eu-central-1-jive-ps-prod",
                            "records.#": "1",
                            "records.4075109160": "10.127.61.7",
                            "set_identifier": "",
                            "ttl": "300",
                            "type": "A",
                            "zone_id": "Z1VT4H9T8HRLM3"
                        },
                        "meta": {
                            "schema_version": "2"
                        },
                        "tainted": false
                    },
                    "deposed": [],
                    "provider": ""
                },
                "aws_route53_record.bastion-eu-central-1-jive-reco-brewprod-bastion": {
                    "type": "aws_route53_record",
                    "depends_on": [
                        "aws_route53_zone.infra"
                    ],
                    "primary": {
                        "id": "Z1VT4H9T8HRLM3_bastion-eu-central-1-jive-reco-brewprod_A",
                        "attributes": {
                            "fqdn": "bastion-eu-central-1-jive-reco-brewprod.infra.jivehosted.com",
                            "health_check_id": "",
                            "id": "Z1VT4H9T8HRLM3_bastion-eu-central-1-jive-reco-brewprod_A",
                            "name": "bastion-eu-central-1-jive-reco-brewprod",
                            "records.#": "1",
                            "records.1145703925": "10.127.79.7",
                            "set_identifier": "",
                            "ttl": "300",
                            "type": "A",
                            "zone_id": "Z1VT4H9T8HRLM3"
                        },
                        "meta": {
                            "schema_version": "2"
                        },
                        "tainted": false
                    },
                    "deposed": [],
                    "provider": ""
                },
                "aws_route53_record.bastion-eu-central-1-jive-reco-pipeline-bastion": {
                    "type": "aws_route53_record",
                    "depends_on": [
                        "aws_route53_zone.infra"
                    ],
                    "primary": {
                        "id": "Z1VT4H9T8HRLM3_bastion-eu-central-1-jive-reco-pipeline_A",
                        "attributes": {
                            "fqdn": "bastion-eu-central-1-jive-reco-pipeline.infra.jivehosted.com",
                            "health_check_id": "",
                            "id": "Z1VT4H9T8HRLM3_bastion-eu-central-1-jive-reco-pipeline_A",
                            "name": "bastion-eu-central-1-jive-reco-pipeline",
                            "records.#": "1",
                            "records.1166567362": "10.127.78.7",
                            "set_identifier": "",
                            "ttl": "300",
                            "type": "A",
                            "zone_id": "Z1VT4H9T8HRLM3"
                        },
                        "meta": {
                            "schema_version": "2"
                        },
                        "tainted": false
                    },
                    "deposed": [],
                    "provider": ""
                },
                "aws_route53_record.bastion-eu-central-1-jive-reco-prod-bastion": {
                    "type": "aws_route53_record",
                    "depends_on": [
                        "aws_route53_zone.infra"
                    ],
                    "primary": {
                        "id": "Z1VT4H9T8HRLM3_bastion-eu-central-1-jive-reco-prod_A",
                        "attributes": {
                            "fqdn": "bastion-eu-central-1-jive-reco-prod.infra.jivehosted.com",
                            "health_check_id": "",
                            "id": "Z1VT4H9T8HRLM3_bastion-eu-central-1-jive-reco-prod_A",
                            "name": "bastion-eu-central-1-jive-reco-prod",
                            "records.#": "1",
                            "records.335029804": "10.127.80.7",
                            "set_identifier": "",
                            "ttl": "300",
                            "type": "A",
                            "zone_id": "Z1VT4H9T8HRLM3"
                        },
                        "meta": {
                            "schema_version": "2"
                        },
                        "tainted": false
                    },
                    "deposed": [],
                    "provider": ""
                },
                "aws_route53_record.bastion-eu-west-1-jive-microservices-pipeline-bastion": {
                    "type": "aws_route53_record",
                    "depends_on": [
                        "aws_route53_zone.infra"
                    ],
                    "primary": {
                        "id": "Z1VT4H9T8HRLM3_bastion-eu-west-1-jive-microservices-pipeline_A",
                        "attributes": {
                            "fqdn": "bastion-eu-west-1-jive-microservices-pipeline.infra.jivehosted.com",
                            "health_check_id": "",
                            "id": "Z1VT4H9T8HRLM3_bastion-eu-west-1-jive-microservices-pipeline_A",
                            "name": "bastion-eu-west-1-jive-microservices-pipeline",
                            "records.#": "1",
                            "records.3309030170": "10.127.31.7",
                            "set_identifier": "",
                            "ttl": "300",
                            "type": "A",
                            "zone_id": "Z1VT4H9T8HRLM3"
                        },
                        "meta": {
                            "schema_version": "2"
                        },
                        "tainted": false
                    },
                    "deposed": [],
                    "provider": ""
                },
                "aws_route53_record.bastion-us-east-1-jive-data-brewprod-bastion": {
                    "type": "aws_route53_record",
                    "depends_on": [
                        "aws_route53_zone.infra"
                    ],
                    "primary": {
                        "id": "Z1VT4H9T8HRLM3_bastion-us-east-1-jive-data-brewprod_A",
                        "attributes": {
                            "fqdn": "bastion-us-east-1-jive-data-brewprod.infra.jivehosted.com",
                            "health_check_id": "",
                            "id": "Z1VT4H9T8HRLM3_bastion-us-east-1-jive-data-brewprod_A",
                            "name": "bastion-us-east-1-jive-data-brewprod",
                            "records.#": "1",
                            "records.2114156561": "10.127.23.7",
                            "set_identifier": "",
                            "ttl": "300",
                            "type": "A",
                            "zone_id": "Z1VT4H9T8HRLM3"
                        },
                        "meta": {
                            "schema_version": "2"
                        },
                        "tainted": false
                    },
                    "deposed": [],
                    "provider": ""
                },
                "aws_route53_record.bastion-us-east-1-jive-data-pipeline-bastion": {
                    "type": "aws_route53_record",
                    "depends_on": [
                        "aws_route53_zone.infra"
                    ],
                    "primary": {
                        "id": "Z1VT4H9T8HRLM3_bastion-us-east-1-jive-data-pipeline_A",
                        "attributes": {
                            "fqdn": "bastion-us-east-1-jive-data-pipeline.infra.jivehosted.com",
                            "health_check_id": "",
                            "id": "Z1VT4H9T8HRLM3_bastion-us-east-1-jive-data-pipeline_A",
                            "name": "bastion-us-east-1-jive-data-pipeline",
                            "records.#": "1",
                            "records.2143359526": "10.127.22.7",
                            "set_identifier": "",
                            "ttl": "300",
                            "type": "A",
                            "zone_id": "Z1VT4H9T8HRLM3"
                        },
                        "meta": {
                            "schema_version": "2"
                        },
                        "tainted": false
                    },
                    "deposed": [],
                    "provider": ""
                },
                "aws_route53_record.bastion-us-east-1-jive-data-prod-bastion": {
                    "type": "aws_route53_record",
                    "depends_on": [
                        "aws_route53_zone.infra"
                    ],
                    "primary": {
                        "id": "Z1VT4H9T8HRLM3_bastion-us-east-1-jive-data-prod_A",
                        "attributes": {
                            "fqdn": "bastion-us-east-1-jive-data-prod.infra.jivehosted.com",
                            "health_check_id": "",
                            "id": "Z1VT4H9T8HRLM3_bastion-us-east-1-jive-data-prod_A",
                            "name": "bastion-us-east-1-jive-data-prod",
                            "records.#": "1",
                            "records.1918277616": "10.127.28.7",
                            "set_identifier": "",
                            "ttl": "300",
                            "type": "A",
                            "zone_id": "Z1VT4H9T8HRLM3"
                        },
                        "meta": {
                            "schema_version": "2"
                        },
                        "tainted": false
                    },
                    "deposed": [],
                    "provider": ""
                },
                "aws_route53_record.bastion-us-east-1-jive-hosting-pipeline-bastion": {
                    "type": "aws_route53_record",
                    "depends_on": [
                        "aws_route53_zone.infra"
                    ],
                    "primary": {
                        "id": "Z1VT4H9T8HRLM3_bastion-us-east-1-jive-hosting-pipeline_A",
                        "attributes": {
                            "fqdn": "bastion-us-east-1-jive-hosting-pipeline.infra.jivehosted.com",
                            "health_check_id": "",
                            "id": "Z1VT4H9T8HRLM3_bastion-us-east-1-jive-hosting-pipeline_A",
                            "name": "bastion-us-east-1-jive-hosting-pipeline",
                            "records.#": "1",
                            "records.1777975674": "10.127.14.7",
                            "set_identifier": "",
                            "ttl": "300",
                            "type": "A",
                            "zone_id": "Z1VT4H9T8HRLM3"
                        },
                        "meta": {
                            "schema_version": "2"
                        },
                        "tainted": false
                    },
                    "deposed": [],
                    "provider": ""
                },
                "aws_route53_record.bastion-us-east-1-jive-infra-pipeline-bastion": {
                    "type": "aws_route53_record",
                    "depends_on": [
                        "aws_route53_zone.infra"
                    ],
                    "primary": {
                        "id": "Z1VT4H9T8HRLM3_bastion-us-east-1-jive-infra-pipeline_A",
                        "attributes": {
                            "fqdn": "bastion-us-east-1-jive-infra-pipeline.infra.jivehosted.com",
                            "health_check_id": "",
                            "id": "Z1VT4H9T8HRLM3_bastion-us-east-1-jive-infra-pipeline_A",
                            "name": "bastion-us-east-1-jive-infra-pipeline",
                            "records.#": "1",
                            "records.2056127651": "10.127.25.7",
                            "set_identifier": "",
                            "ttl": "300",
                            "type": "A",
                            "zone_id": "Z1VT4H9T8HRLM3"
                        },
                        "meta": {
                            "schema_version": "2"
                        },
                        "tainted": false
                    },
                    "deposed": [],
                    "provider": ""
                },
                "aws_route53_record.bastion-us-east-1-jive-infra-prod-bastion": {
                    "type": "aws_route53_record",
                    "depends_on": [
                        "aws_route53_zone.infra"
                    ],
                    "primary": {
                        "id": "Z1VT4H9T8HRLM3_bastion-us-east-1-jive-infra-prod_A",
                        "attributes": {
                            "fqdn": "bastion-us-east-1-jive-infra-prod.infra.jivehosted.com",
                            "health_check_id": "",
                            "id": "Z1VT4H9T8HRLM3_bastion-us-east-1-jive-infra-prod_A",
                            "name": "bastion-us-east-1-jive-infra-prod",
                            "records.#": "1",
                            "records.2026420986": "10.127.26.7",
                            "set_identifier": "",
                            "ttl": "300",
                            "type": "A",
                            "zone_id": "Z1VT4H9T8HRLM3"
                        },
                        "meta": {
                            "schema_version": "2"
                        },
                        "tainted": false
                    },
                    "deposed": [],
                    "provider": ""
                },
                "aws_route53_record.bastion-us-east-1-jive-microservices-pipeline-bastion": {
                    "type": "aws_route53_record",
                    "depends_on": [
                        "aws_route53_zone.infra"
                    ],
                    "primary": {
                        "id": "Z1VT4H9T8HRLM3_bastion-us-east-1-jive-microservices-pipeline_A",
                        "attributes": {
                            "fqdn": "bastion-us-east-1-jive-microservices-pipeline.infra.jivehosted.com",
                            "health_check_id": "",
                            "id": "Z1VT4H9T8HRLM3_bastion-us-east-1-jive-microservices-pipeline_A",
                            "name": "bastion-us-east-1-jive-microservices-pipeline",
                            "records.#": "1",
                            "records.1533552589": "10.127.43.7",
                            "set_identifier": "",
                            "ttl": "300",
                            "type": "A",
                            "zone_id": "Z1VT4H9T8HRLM3"
                        },
                        "meta": {
                            "schema_version": "2"
                        },
                        "tainted": false
                    },
                    "deposed": [],
                    "provider": ""
                },
                "aws_route53_record.bastion-us-east-1-jive-microservices-prod-bastion": {
                    "type": "aws_route53_record",
                    "depends_on": [
                        "aws_route53_zone.infra"
                    ],
                    "primary": {
                        "id": "Z1VT4H9T8HRLM3_bastion-us-east-1-jive-microservices-prod_A",
                        "attributes": {
                            "fqdn": "bastion-us-east-1-jive-microservices-prod.infra.jivehosted.com",
                            "health_check_id": "",
                            "id": "Z1VT4H9T8HRLM3_bastion-us-east-1-jive-microservices-prod_A",
                            "name": "bastion-us-east-1-jive-microservices-prod",
                            "records.#": "1",
                            "records.1579626824": "10.127.44.7",
                            "set_identifier": "",
                            "ttl": "300",
                            "type": "A",
                            "zone_id": "Z1VT4H9T8HRLM3"
                        },
                        "meta": {
                            "schema_version": "2"
                        },
                        "tainted": false
                    },
                    "deposed": [],
                    "provider": ""
                },
                "aws_route53_record.bastion-us-east-1-jive-ps-pipeline-bastion": {
                    "type": "aws_route53_record",
                    "depends_on": [
                        "aws_route53_zone.infra"
                    ],
                    "primary": {
                        "id": "Z1VT4H9T8HRLM3_bastion-us-east-1-jive-ps-pipeline_A",
                        "attributes": {
                            "fqdn": "bastion-us-east-1-jive-ps-pipeline.infra.jivehosted.com",
                            "health_check_id": "",
                            "id": "Z1VT4H9T8HRLM3_bastion-us-east-1-jive-ps-pipeline_A",
                            "name": "bastion-us-east-1-jive-ps-pipeline",
                            "records.#": "1",
                            "records.3997418878": "10.127.59.7",
                            "set_identifier": "",
                            "ttl": "300",
                            "type": "A",
                            "zone_id": "Z1VT4H9T8HRLM3"
                        },
                        "meta": {
                            "schema_version": "2"
                        },
                        "tainted": false
                    },
                    "deposed": [],
                    "provider": ""
                },
                "aws_route53_record.bastion-us-east-1-jive-ps-prod-bastion": {
                    "type": "aws_route53_record",
                    "depends_on": [
                        "aws_route53_zone.infra"
                    ],
                    "primary": {
                        "id": "Z1VT4H9T8HRLM3_bastion-us-east-1-jive-ps-prod_A",
                        "attributes": {
                            "fqdn": "bastion-us-east-1-jive-ps-prod.infra.jivehosted.com",
                            "health_check_id": "",
                            "id": "Z1VT4H9T8HRLM3_bastion-us-east-1-jive-ps-prod_A",
                            "name": "bastion-us-east-1-jive-ps-prod",
                            "records.#": "1",
                            "records.4037248369": "10.127.62.7",
                            "set_identifier": "",
                            "ttl": "300",
                            "type": "A",
                            "zone_id": "Z1VT4H9T8HRLM3"
                        },
                        "meta": {
                            "schema_version": "2"
                        },
                        "tainted": false
                    },
                    "deposed": [],
                    "provider": ""
                },
                "aws_route53_record.bastion-us-east-1-jive-reco-brewprod-bastion": {
                    "type": "aws_route53_record",
                    "depends_on": [
                        "aws_route53_zone.infra"
                    ],
                    "primary": {
                        "id": "Z1VT4H9T8HRLM3_bastion-us-east-1-jive-reco-brewprod_A",
                        "attributes": {
                            "fqdn": "bastion-us-east-1-jive-reco-brewprod.infra.jivehosted.com",
                            "health_check_id": "",
                            "id": "Z1VT4H9T8HRLM3_bastion-us-east-1-jive-reco-brewprod_A",
                            "name": "bastion-us-east-1-jive-reco-brewprod",
                            "records.#": "1",
                            "records.3793103519": "10.127.52.7",
                            "set_identifier": "",
                            "ttl": "300",
                            "type": "A",
                            "zone_id": "Z1VT4H9T8HRLM3"
                        },
                        "meta": {
                            "schema_version": "2"
                        },
                        "tainted": false
                    },
                    "deposed": [],
                    "provider": ""
                },
                "aws_route53_record.bastion-us-east-1-jive-reco-pipeline-bastion": {
                    "type": "aws_route53_record",
                    "depends_on": [
                        "aws_route53_zone.infra"
                    ],
                    "primary": {
                        "id": "Z1VT4H9T8HRLM3_bastion-us-east-1-jive-reco-pipeline_A",
                        "attributes": {
                            "fqdn": "bastion-us-east-1-jive-reco-pipeline.infra.jivehosted.com",
                            "health_check_id": "",
                            "id": "Z1VT4H9T8HRLM3_bastion-us-east-1-jive-reco-pipeline_A",
                            "name": "bastion-us-east-1-jive-reco-pipeline",
                            "records.#": "1",
                            "records.1459593755": "10.127.49.7",
                            "set_identifier": "",
                            "ttl": "300",
                            "type": "A",
                            "zone_id": "Z1VT4H9T8HRLM3"
                        },
                        "meta": {
                            "schema_version": "2"
                        },
                        "tainted": false
                    },
                    "deposed": [],
                    "provider": ""
                },
                "aws_route53_record.bastion-us-east-1-jive-reco-prod-bastion": {
                    "type": "aws_route53_record",
                    "depends_on": [
                        "aws_route53_zone.infra"
                    ],
                    "primary": {
                        "id": "Z1VT4H9T8HRLM3_bastion-us-east-1-jive-reco-prod_A",
                        "attributes": {
                            "fqdn": "bastion-us-east-1-jive-reco-prod.infra.jivehosted.com",
                            "health_check_id": "",
                            "id": "Z1VT4H9T8HRLM3_bastion-us-east-1-jive-reco-prod_A",
                            "name": "bastion-us-east-1-jive-reco-prod",
                            "records.#": "1",
                            "records.3881384986": "10.127.55.7",
                            "set_identifier": "",
                            "ttl": "300",
                            "type": "A",
                            "zone_id": "Z1VT4H9T8HRLM3"
                        },
                        "meta": {
                            "schema_version": "2"
                        },
                        "tainted": false
                    },
                    "deposed": [],
                    "provider": ""
                },
                "aws_route53_record.bastion-us-east-1-jivek8-aws": {
                    "type": "aws_route53_record",
                    "depends_on": [
                        "aws_route53_zone.infra"
                    ],
                    "primary": {
                        "id": "Z1VT4H9T8HRLM3_bastion-us-east-1-jivek8-aws_A",
                        "attributes": {
                            "fqdn": "bastion-us-east-1-jivek8-aws.infra.jivehosted.com",
                            "health_check_id": "",
                            "id": "Z1VT4H9T8HRLM3_bastion-us-east-1-jivek8-aws_A",
                            "name": "bastion-us-east-1-jivek8-aws",
                            "records.#": "1",
                            "records.1788636041": "34.203.134.143",
                            "set_identifier": "",
                            "ttl": "300",
                            "type": "A",
                            "zone_id": "Z1VT4H9T8HRLM3"
                        },
                        "meta": {
                            "schema_version": "2"
                        },
                        "tainted": false
                    },
                    "deposed": [],
                    "provider": ""
                },
                "aws_route53_record.bastion-us-west-2-jive-data-brewprod-bastion": {
                    "type": "aws_route53_record",
                    "depends_on": [
                        "aws_route53_zone.infra"
                    ],
                    "primary": {
                        "id": "Z1VT4H9T8HRLM3_bastion-us-west-2-jive-data-brewprod_A",
                        "attributes": {
                            "fqdn": "bastion-us-west-2-jive-data-brewprod.infra.jivehosted.com",
                            "health_check_id": "",
                            "id": "Z1VT4H9T8HRLM3_bastion-us-west-2-jive-data-brewprod_A",
                            "name": "bastion-us-west-2-jive-data-brewprod",
                            "records.#": "1",
                            "records.2068606612": "10.127.24.7",
                            "set_identifier": "",
                            "ttl": "300",
                            "type": "A",
                            "zone_id": "Z1VT4H9T8HRLM3"
                        },
                        "meta": {
                            "schema_version": "2"
                        },
                        "tainted": false
                    },
                    "deposed": [],
                    "provider": ""
                },
                "aws_route53_record.bastion-us-west-2-jive-data-pipeline-bastion": {
                    "type": "aws_route53_record",
                    "depends_on": [
                        "aws_route53_zone.infra"
                    ],
                    "primary": {
                        "id": "Z1VT4H9T8HRLM3_bastion-us-west-2-jive-data-pipeline_A",
                        "attributes": {
                            "fqdn": "bastion-us-west-2-jive-data-pipeline.infra.jivehosted.com",
                            "health_check_id": "",
                            "id": "Z1VT4H9T8HRLM3_bastion-us-west-2-jive-data-pipeline_A",
                            "name": "bastion-us-west-2-jive-data-pipeline",
                            "records.#": "1",
                            "records.2106043519": "10.127.21.7",
                            "set_identifier": "",
                            "ttl": "300",
                            "type": "A",
                            "zone_id": "Z1VT4H9T8HRLM3"
                        },
                        "meta": {
                            "schema_version": "2"
                        },
                        "tainted": false
                    },
                    "deposed": [],
                    "provider": ""
                },
                "aws_route53_record.bastion-us-west-2-jive-data-prod-bastion": {
                    "type": "aws_route53_record",
                    "depends_on": [
                        "aws_route53_zone.infra"
                    ],
                    "primary": {
                        "id": "Z1VT4H9T8HRLM3_bastion-us-west-2-jive-data-prod_A",
                        "attributes": {
                            "fqdn": "bastion-us-west-2-jive-data-prod.infra.jivehosted.com",
                            "health_check_id": "",
                            "id": "Z1VT4H9T8HRLM3_bastion-us-west-2-jive-data-prod_A",
                            "name": "bastion-us-west-2-jive-data-prod",
                            "records.#": "1",
                            "records.2030751949": "10.127.27.7",
                            "set_identifier": "",
                            "ttl": "300",
                            "type": "A",
                            "zone_id": "Z1VT4H9T8HRLM3"
                        },
                        "meta": {
                            "schema_version": "2"
                        },
                        "tainted": false
                    },
                    "deposed": [],
                    "provider": ""
                },
                "aws_route53_record.bastion-us-west-2-jive-infra-pipeline-bastion": {
                    "type": "aws_route53_record",
                    "depends_on": [
                        "aws_route53_zone.infra"
                    ],
                    "primary": {
                        "id": "Z1VT4H9T8HRLM3_bastion-us-west-2-jive-infra-pipeline_A",
                        "attributes": {
                            "fqdn": "bastion-us-west-2-jive-infra-pipeline.infra.jivehosted.com",
                            "health_check_id": "",
                            "id": "Z1VT4H9T8HRLM3_bastion-us-west-2-jive-infra-pipeline_A",
                            "name": "bastion-us-west-2-jive-infra-pipeline",
                            "records.#": "1",
                            "records.4049727302": "10.127.63.7",
                            "set_identifier": "",
                            "ttl": "300",
                            "type": "A",
                            "zone_id": "Z1VT4H9T8HRLM3"
                        },
                        "meta": {
                            "schema_version": "2"
                        },
                        "tainted": false
                    },
                    "deposed": [],
                    "provider": ""
                },
                "aws_route53_record.bastion-us-west-2-jive-infra-prod-bastion": {
                    "type": "aws_route53_record",
                    "depends_on": [
                        "aws_route53_zone.infra"
                    ],
                    "primary": {
                        "id": "Z1VT4H9T8HRLM3_bastion-us-west-2-jive-infra-prod_A",
                        "attributes": {
                            "fqdn": "bastion-us-west-2-jive-infra-prod.infra.jivehosted.com",
                            "health_check_id": "",
                            "id": "Z1VT4H9T8HRLM3_bastion-us-west-2-jive-infra-prod_A",
                            "name": "bastion-us-west-2-jive-infra-prod",
                            "records.#": "1",
                            "records.4134029210": "10.127.67.7",
                            "set_identifier": "",
                            "ttl": "300",
                            "type": "A",
                            "zone_id": "Z1VT4H9T8HRLM3"
                        },
                        "meta": {
                            "schema_version": "2"
                        },
                        "tainted": false
                    },
                    "deposed": [],
                    "provider": ""
                },
                "aws_route53_record.bastion-us-west-2-jive-microservices-pipeline-bastion": {
                    "type": "aws_route53_record",
                    "depends_on": [
                        "aws_route53_zone.infra"
                    ],
                    "primary": {
                        "id": "Z1VT4H9T8HRLM3_bastion-us-west-2-jive-microservices-pipeline_A",
                        "attributes": {
                            "fqdn": "bastion-us-west-2-jive-microservices-pipeline.infra.jivehosted.com",
                            "health_check_id": "",
                            "id": "Z1VT4H9T8HRLM3_bastion-us-west-2-jive-microservices-pipeline_A",
                            "name": "bastion-us-west-2-jive-microservices-pipeline",
                            "records.#": "1",
                            "records.3304694061": "10.127.30.7",
                            "set_identifier": "",
                            "ttl": "300",
                            "type": "A",
                            "zone_id": "Z1VT4H9T8HRLM3"
                        },
                        "meta": {
                            "schema_version": "2"
                        },
                        "tainted": false
                    },
                    "deposed": [],
                    "provider": ""
                },
                "aws_route53_record.bastion-us-west-2-jive-microservices-prod-bastion": {
                    "type": "aws_route53_record",
                    "depends_on": [
                        "aws_route53_zone.infra"
                    ],
                    "primary": {
                        "id": "Z1VT4H9T8HRLM3_bastion-us-west-2-jive-microservices-prod_A",
                        "attributes": {
                            "fqdn": "bastion-us-west-2-jive-microservices-prod.infra.jivehosted.com",
                            "health_check_id": "",
                            "id": "Z1VT4H9T8HRLM3_bastion-us-west-2-jive-microservices-prod_A",
                            "name": "bastion-us-west-2-jive-microservices-prod",
                            "records.#": "1",
                            "records.3228884383": "10.127.36.7",
                            "set_identifier": "",
                            "ttl": "300",
                            "type": "A",
                            "zone_id": "Z1VT4H9T8HRLM3"
                        },
                        "meta": {
                            "schema_version": "2"
                        },
                        "tainted": false
                    },
                    "deposed": [],
                    "provider": ""
                },
                "aws_route53_record.bastion-us-west-2-jive-ps-pipeline-bastion": {
                    "type": "aws_route53_record",
                    "depends_on": [
                        "aws_route53_zone.infra"
                    ],
                    "primary": {
                        "id": "Z1VT4H9T8HRLM3_bastion-us-west-2-jive-ps-pipeline_A",
                        "attributes": {
                            "fqdn": "bastion-us-west-2-jive-ps-pipeline.infra.jivehosted.com",
                            "health_check_id": "",
                            "id": "Z1VT4H9T8HRLM3_bastion-us-west-2-jive-ps-pipeline_A",
                            "name": "bastion-us-west-2-jive-ps-pipeline",
                            "records.#": "1",
                            "records.3839748212": "10.127.57.7",
                            "set_identifier": "",
                            "ttl": "300",
                            "type": "A",
                            "zone_id": "Z1VT4H9T8HRLM3"
                        },
                        "meta": {
                            "schema_version": "2"
                        },
                        "tainted": false
                    },
                    "deposed": [],
                    "provider": ""
                },
                "aws_route53_record.bastion-us-west-2-jive-ps-prod-bastion": {
                    "type": "aws_route53_record",
                    "depends_on": [
                        "aws_route53_zone.infra"
                    ],
                    "primary": {
                        "id": "Z1VT4H9T8HRLM3_bastion-us-west-2-jive-ps-prod_A",
                        "attributes": {
                            "fqdn": "bastion-us-west-2-jive-ps-prod.infra.jivehosted.com",
                            "health_check_id": "",
                            "id": "Z1VT4H9T8HRLM3_bastion-us-west-2-jive-ps-prod_A",
                            "name": "bastion-us-west-2-jive-ps-prod",
                            "records.#": "1",
                            "records.4079440159": "10.127.60.7",
                            "set_identifier": "",
                            "ttl": "300",
                            "type": "A",
                            "zone_id": "Z1VT4H9T8HRLM3"
                        },
                        "meta": {
                            "schema_version": "2"
                        },
                        "tainted": false
                    },
                    "deposed": [],
                    "provider": ""
                },
                "aws_route53_record.bastion-us-west-2-jive-reco-brewprod-bastion": {
                    "type": "aws_route53_record",
                    "depends_on": [
                        "aws_route53_zone.infra"
                    ],
                    "primary": {
                        "id": "Z1VT4H9T8HRLM3_bastion-us-west-2-jive-reco-brewprod_A",
                        "attributes": {
                            "fqdn": "bastion-us-west-2-jive-reco-brewprod.infra.jivehosted.com",
                            "health_check_id": "",
                            "id": "Z1VT4H9T8HRLM3_bastion-us-west-2-jive-reco-brewprod_A",
                            "name": "bastion-us-west-2-jive-reco-brewprod",
                            "records.#": "1",
                            "records.3763377350": "10.127.51.7",
                            "set_identifier": "",
                            "ttl": "300",
                            "type": "A",
                            "zone_id": "Z1VT4H9T8HRLM3"
                        },
                        "meta": {
                            "schema_version": "2"
                        },
                        "tainted": false
                    },
                    "deposed": [],
                    "provider": ""
                },
                "aws_route53_record.bastion-us-west-2-jive-reco-pipeline-bastion": {
                    "type": "aws_route53_record",
                    "depends_on": [
                        "aws_route53_zone.infra"
                    ],
                    "primary": {
                        "id": "Z1VT4H9T8HRLM3_bastion-us-west-2-jive-reco-pipeline_A",
                        "attributes": {
                            "fqdn": "bastion-us-west-2-jive-reco-pipeline.infra.jivehosted.com",
                            "health_check_id": "",
                            "id": "Z1VT4H9T8HRLM3_bastion-us-west-2-jive-reco-pipeline_A",
                            "name": "bastion-us-west-2-jive-reco-pipeline",
                            "records.#": "1",
                            "records.1463666732": "10.127.48.7",
                            "set_identifier": "",
                            "ttl": "300",
                            "type": "A",
                            "zone_id": "Z1VT4H9T8HRLM3"
                        },
                        "meta": {
                            "schema_version": "2"
                        },
                        "tainted": false
                    },
                    "deposed": [],
                    "provider": ""
                },
                "aws_route53_record.bastion-us-west-2-jive-reco-prod-bastion": {
                    "type": "aws_route53_record",
                    "depends_on": [
                        "aws_route53_zone.infra"
                    ],
                    "primary": {
                        "id": "Z1VT4H9T8HRLM3_bastion-us-west-2-jive-reco-prod_A",
                        "attributes": {
                            "fqdn": "bastion-us-west-2-jive-reco-prod.infra.jivehosted.com",
                            "health_check_id": "",
                            "id": "Z1VT4H9T8HRLM3_bastion-us-west-2-jive-reco-prod_A",
                            "name": "bastion-us-west-2-jive-reco-prod",
                            "records.#": "1",
                            "records.3868939821": "10.127.54.7",
                            "set_identifier": "",
                            "ttl": "300",
                            "type": "A",
                            "zone_id": "Z1VT4H9T8HRLM3"
                        },
                        "meta": {
                            "schema_version": "2"
                        },
                        "tainted": false
                    },
                    "deposed": [],
                    "provider": ""
                },
                "aws_route53_record.bastion-us-west-2-jivew-brewprod-bastion": {
                    "type": "aws_route53_record",
                    "depends_on": [
                        "aws_route53_zone.infra"
                    ],
                    "primary": {
                        "id": "Z1VT4H9T8HRLM3_bastion-us-west-2-jivew-brewprod_A",
                        "attributes": {
                            "fqdn": "bastion-us-west-2-jivew-brewprod.infra.jivehosted.com",
                            "health_check_id": "",
                            "id": "Z1VT4H9T8HRLM3_bastion-us-west-2-jivew-brewprod_A",
                            "name": "bastion-us-west-2-jivew-brewprod",
                            "records.#": "1",
                            "records.585393266": "10.127.4.7",
                            "set_identifier": "",
                            "ttl": "300",
                            "type": "A",
                            "zone_id": "Z1VT4H9T8HRLM3"
                        },
                        "meta": {
                            "schema_version": "2"
                        },
                        "tainted": false
                    },
                    "deposed": [],
                    "provider": ""
                },
                "aws_route53_record.bastion-us-west-2-jivew-pipeline-bastion": {
                    "type": "aws_route53_record",
                    "depends_on": [
                        "aws_route53_zone.infra"
                    ],
                    "primary": {
                        "id": "Z1VT4H9T8HRLM3_bastion-us-west-2-jivew-pipeline_A",
                        "attributes": {
                            "fqdn": "bastion-us-west-2-jivew-pipeline.infra.jivehosted.com",
                            "health_check_id": "",
                            "id": "Z1VT4H9T8HRLM3_bastion-us-west-2-jivew-pipeline_A",
                            "name": "bastion-us-west-2-jivew-pipeline",
                            "records.#": "1",
                            "records.738106646": "10.127.8.7",
                            "set_identifier": "",
                            "ttl": "300",
                            "type": "A",
                            "zone_id": "Z1VT4H9T8HRLM3"
                        },
                        "meta": {
                            "schema_version": "2"
                        },
                        "tainted": false
                    },
                    "deposed": [],
                    "provider": ""
                },
                "aws_route53_record.bastion-us-west-2-jivew-prod-bastion": {
                    "type": "aws_route53_record",
                    "depends_on": [
                        "aws_route53_zone.infra"
                    ],
                    "primary": {
                        "id": "Z1VT4H9T8HRLM3_bastion-us-west-2-jivew-prod_A",
                        "attributes": {
                            "fqdn": "bastion-us-west-2-jivew-prod.infra.jivehosted.com",
                            "health_check_id": "",
                            "id": "Z1VT4H9T8HRLM3_bastion-us-west-2-jivew-prod_A",
                            "name": "bastion-us-west-2-jivew-prod",
                            "records.#": "1",
                            "records.636341422": "10.127.0.7",
                            "set_identifier": "",
                            "ttl": "300",
                            "type": "A",
                            "zone_id": "Z1VT4H9T8HRLM3"
                        },
                        "meta": {
                            "schema_version": "2"
                        },
                        "tainted": false
                    },
                    "deposed": [],
                    "provider": ""
                },
                "aws_route53_record.bauron-pipeline-us-master-elb": {
                    "type": "aws_route53_record",
                    "depends_on": [
                        "aws_route53_zone.infra"
                    ],
                    "primary": {
                        "id": "Z1VT4H9T8HRLM3_bauron-pipeline-us-master_CNAME",
                        "attributes": {
                            "fqdn": "bauron-pipeline-us-master.infra.jivehosted.com",
                            "health_check_id": "",
                            "id": "Z1VT4H9T8HRLM3_bauron-pipeline-us-master_CNAME",
                            "name": "bauron-pipeline-us-master",
                            "records.#": "1",
                            "records.696134280": "internal-pipeline-bauron-k8s-master-elb-415845951.us-west-2.elb.amazonaws.com",
                            "set_identifier": "",
                            "ttl": "60",
                            "type": "CNAME",
                            "zone_id": "Z1VT4H9T8HRLM3"
                        },
                        "meta": {
                            "schema_version": "2"
                        },
                        "tainted": false
                    },
                    "deposed": [],
                    "provider": ""
                },
                "aws_route53_record.dcp-pipeline-us-master-elb": {
                    "type": "aws_route53_record",
                    "depends_on": [
                        "aws_route53_zone.infra"
                    ],
                    "primary": {
                        "id": "Z1VT4H9T8HRLM3_dcp-pipeline-us-master_CNAME",
                        "attributes": {
                            "fqdn": "dcp-pipeline-us-master.infra.jivehosted.com",
                            "health_check_id": "",
                            "id": "Z1VT4H9T8HRLM3_dcp-pipeline-us-master_CNAME",
                            "name": "dcp-pipeline-us-master",
                            "records.#": "1",
                            "records.2456937689": "internal-pipeline-dcp-k8s-master-elb-1497090711.us-west-2.elb.amazonaws.com",
                            "set_identifier": "",
                            "ttl": "60",
                            "type": "CNAME",
                            "zone_id": "Z1VT4H9T8HRLM3"
                        },
                        "meta": {
                            "schema_version": "2"
                        },
                        "tainted": false
                    },
                    "deposed": [],
                    "provider": ""
                },
                "aws_route53_record.devopsil-pipeline-us-master-elb": {
                    "type": "aws_route53_record",
                    "depends_on": [
                        "aws_route53_zone.infra"
                    ],
                    "primary": {
                        "id": "Z1VT4H9T8HRLM3_devopsil-pipeline-us-master_CNAME",
                        "attributes": {
                            "fqdn": "devopsil-pipeline-us-master.infra.jivehosted.com",
                            "health_check_id": "",
                            "id": "Z1VT4H9T8HRLM3_devopsil-pipeline-us-master_CNAME",
                            "name": "devopsil-pipeline-us-master",
                            "records.#": "1",
                            "records.3017951926": "internal-pipeline-devopsil-k8s-master-elb-2010575691.us-west-2.elb.amazonaws.com",
                            "set_identifier": "",
                            "ttl": "60",
                            "type": "CNAME",
                            "zone_id": "Z1VT4H9T8HRLM3"
                        },
                        "meta": {
                            "schema_version": "2"
                        },
                        "tainted": false
                    },
                    "deposed": [],
                    "provider": ""
                },
                "aws_route53_record.infra": {
                    "type": "aws_route53_record",
                    "depends_on": [
                        "aws_route53_zone.infra"
                    ],
                    "primary": {
                        "id": "Z1VT4H9T8HRLM3_infra.jivehosted.com_NS",
                        "attributes": {
                            "fqdn": "infra.jivehosted.com",
                            "health_check_id": "",
                            "id": "Z1VT4H9T8HRLM3_infra.jivehosted.com_NS",
                            "name": "infra.jivehosted.com",
                            "records.#": "4",
                            "records.1305764020": "ns-837.awsdns-40.net",
                            "records.140835601": "ns-1967.awsdns-53.co.uk",
                            "records.369059651": "ns-406.awsdns-50.com",
                            "records.959626031": "ns-1309.awsdns-35.org",
                            "set_identifier": "",
                            "ttl": "30",
                            "type": "NS",
                            "zone_id": "Z1VT4H9T8HRLM3"
                        },
                        "meta": {
                            "schema_version": "2"
                        },
                        "tainted": false
                    },
                    "deposed": [],
                    "provider": ""
                },
                "aws_route53_record.infra-pipeline-us-east-master-elb": {
                    "type": "aws_route53_record",
                    "depends_on": [
                        "aws_route53_zone.infra"
                    ],
                    "primary": {
                        "id": "Z1VT4H9T8HRLM3_infra-pipeline-us-east-master_CNAME",
                        "attributes": {
                            "fqdn": "infra-pipeline-us-east-master.infra.jivehosted.com",
                            "health_check_id": "",
                            "id": "Z1VT4H9T8HRLM3_infra-pipeline-us-east-master_CNAME",
                            "name": "infra-pipeline-us-east-master",
                            "records.#": "1",
                            "records.421148343": "internal-pipeline-k8s-master-elb-1226118363.us-east-1.elb.amazonaws.com",
                            "set_identifier": "",
                            "ttl": "60",
                            "type": "CNAME",
                            "zone_id": "Z1VT4H9T8HRLM3"
                        },
                        "meta": {
                            "schema_version": "2"
                        },
                        "tainted": false
                    },
                    "deposed": [],
                    "provider": ""
                },
                "aws_route53_record.infra-pipeline-us-master-elb": {
                    "type": "aws_route53_record",
                    "depends_on": [
                        "aws_route53_zone.infra"
                    ],
                    "primary": {
                        "id": "Z1VT4H9T8HRLM3_infra-pipeline-us-master_CNAME",
                        "attributes": {
                            "fqdn": "infra-pipeline-us-master.infra.jivehosted.com",
                            "health_check_id": "",
                            "id": "Z1VT4H9T8HRLM3_infra-pipeline-us-master_CNAME",
                            "name": "infra-pipeline-us-master",
                            "records.#": "1",
                            "records.3792089105": "internal-pipeline-k8s-master-elb-322116945.us-west-2.elb.amazonaws.com",
                            "set_identifier": "",
                            "ttl": "60",
                            "type": "CNAME",
                            "zone_id": "Z1VT4H9T8HRLM3"
                        },
                        "meta": {
                            "schema_version": "2"
                        },
                        "tainted": false
                    },
                    "deposed": [],
                    "provider": ""
                },
                "aws_route53_record.jcx-pipeline-eu-master-elb": {
                    "type": "aws_route53_record",
                    "depends_on": [
                        "aws_route53_zone.infra"
                    ],
                    "primary": {
                        "id": "Z1VT4H9T8HRLM3_jcx-pipeline-eu-master_CNAME",
                        "attributes": {
                            "fqdn": "jcx-pipeline-eu-master.infra.jivehosted.com",
                            "health_check_id": "",
                            "id": "Z1VT4H9T8HRLM3_jcx-pipeline-eu-master_CNAME",
                            "name": "jcx-pipeline-eu-master",
                            "records.#": "1",
                            "records.2048124594": "internal-pipeline-jcx-k8s-master-elb-898998613.eu-central-1.elb.amazonaws.com",
                            "set_identifier": "",
                            "ttl": "60",
                            "type": "CNAME",
                            "zone_id": "Z1VT4H9T8HRLM3"
                        },
                        "meta": {
                            "schema_version": "2"
                        },
                        "tainted": false
                    },
                    "deposed": [],
                    "provider": ""
                },
                "aws_route53_record.jcx-pipeline-us-east-master-elb": {
                    "type": "aws_route53_record",
                    "depends_on": [
                        "aws_route53_zone.infra"
                    ],
                    "primary": {
                        "id": "Z1VT4H9T8HRLM3_jcx-pipeline-us-east-master_CNAME",
                        "attributes": {
                            "fqdn": "jcx-pipeline-us-east-master.infra.jivehosted.com",
                            "health_check_id": "",
                            "id": "Z1VT4H9T8HRLM3_jcx-pipeline-us-east-master_CNAME",
                            "name": "jcx-pipeline-us-east-master",
                            "records.#": "1",
                            "records.2521812086": "internal-pipeline-jcx-k8s-master-elb-1319957065.us-east-1.elb.amazonaws.com",
                            "set_identifier": "",
                            "ttl": "60",
                            "type": "CNAME",
                            "zone_id": "Z1VT4H9T8HRLM3"
                        },
                        "meta": {
                            "schema_version": "2"
                        },
                        "tainted": false
                    },
                    "deposed": [],
                    "provider": ""
                },
                "aws_route53_record.jcx-pipeline-us-master": {
                    "type": "aws_route53_record",
                    "depends_on": [
                        "aws_route53_zone.infra"
                    ],
                    "primary": {
                        "id": "Z1VT4H9T8HRLM3_jcx-pipeline-us-master_CNAME",
                        "attributes": {
                            "fqdn": "jcx-pipeline-us-master.infra.jivehosted.com",
                            "health_check_id": "",
                            "id": "Z1VT4H9T8HRLM3_jcx-pipeline-us-master_CNAME",
                            "name": "jcx-pipeline-us-master",
                            "records.#": "1",
                            "records.1251624270": "internal-pipeline-jcx-k8s-master-elb-1875144973.us-west-2.elb.amazonaws.com",
                            "set_identifier": "",
                            "ttl": "60",
                            "type": "CNAME",
                            "zone_id": "Z1VT4H9T8HRLM3"
                        },
                        "meta": {
                            "schema_version": "2"
                        },
                        "tainted": false
                    },
                    "deposed": [],
                    "provider": ""
                },
                "aws_route53_record.jcx-prod-us-east-master-elb": {
                    "type": "aws_route53_record",
                    "depends_on": [
                        "aws_route53_zone.infra"
                    ],
                    "primary": {
                        "id": "Z1VT4H9T8HRLM3_jcx-prod-us-east-master_CNAME",
                        "attributes": {
                            "fqdn": "jcx-prod-us-east-master.infra.jivehosted.com",
                            "health_check_id": "",
                            "id": "Z1VT4H9T8HRLM3_jcx-prod-us-east-master_CNAME",
                            "name": "jcx-prod-us-east-master",
                            "records.#": "1",
                            "records.1195036021": "internal-prod-jcx-k8s-master-elb-476079142.us-east-1.elb.amazonaws.com",
                            "set_identifier": "",
                            "ttl": "60",
                            "type": "CNAME",
                            "zone_id": "Z1VT4H9T8HRLM3"
                        },
                        "meta": {
                            "schema_version": "2"
                        },
                        "tainted": false
                    },
                    "deposed": [],
                    "provider": ""
                },
                "aws_route53_record.jcx-prod-us-master": {
                    "type": "aws_route53_record",
                    "depends_on": [
                        "aws_route53_zone.infra"
                    ],
                    "primary": {
                        "id": "Z1VT4H9T8HRLM3_jcx-prod-us-master_CNAME",
                        "attributes": {
                            "fqdn": "jcx-prod-us-master.infra.jivehosted.com",
                            "health_check_id": "",
                            "id": "Z1VT4H9T8HRLM3_jcx-prod-us-master_CNAME",
                            "name": "jcx-prod-us-master",
                            "records.#": "1",
                            "records.2133681074": "internal-prod-jcx-k8s-master-elb-1703177150.us-west-2.elb.amazonaws.com",
                            "set_identifier": "",
                            "ttl": "60",
                            "type": "CNAME",
                            "zone_id": "Z1VT4H9T8HRLM3"
                        },
                        "meta": {
                            "schema_version": "2"
                        },
                        "tainted": false
                    },
                    "deposed": [],
                    "provider": ""
                },
                "aws_route53_record.joe-pipeline-us-master-elb": {
                    "type": "aws_route53_record",
                    "depends_on": [
                        "aws_route53_zone.infra"
                    ],
                    "primary": {
                        "id": "Z1VT4H9T8HRLM3_joe-pipeline-us-master_CNAME",
                        "attributes": {
                            "fqdn": "joe-pipeline-us-master.infra.jivehosted.com",
                            "health_check_id": "",
                            "id": "Z1VT4H9T8HRLM3_joe-pipeline-us-master_CNAME",
                            "name": "joe-pipeline-us-master",
                            "records.#": "1",
                            "records.1625963455": "internal-pipeline-joe-k8s-master-elb-1387231120.us-west-2.elb.amazonaws.com",
                            "set_identifier": "",
                            "ttl": "60",
                            "type": "CNAME",
                            "zone_id": "Z1VT4H9T8HRLM3"
                        },
                        "meta": {
                            "schema_version": "2"
                        },
                        "tainted": false
                    },
                    "deposed": [],
                    "provider": ""
                },
                "aws_route53_record.ldap": {
                    "type": "aws_route53_record",
                    "depends_on": [
                        "aws_route53_zone.jiveprivate"
                    ],
                    "primary": {
                        "id": "Z3EI1CWJSFIPAM_ldap.jiveprivate.com_A_ldap_default",
                        "attributes": {
                            "fqdn": "ldap.jiveprivate.com",
                            "geolocation_routing_policy.#": "1",
                            "geolocation_routing_policy.0.continent": "",
                            "geolocation_routing_policy.0.country": "*",
                            "geolocation_routing_policy.0.subdivision": "",
                            "health_check_id": "",
                            "id": "Z3EI1CWJSFIPAM_ldap.jiveprivate.com_A_ldap_default",
                            "name": "ldap.jiveprivate.com",
                            "records.#": "1",
                            "records.2365880375": "10.190.4.6",
                            "set_identifier": "ldap_default",
                            "ttl": "60",
                            "type": "A",
                            "zone_id": "Z3EI1CWJSFIPAM"
                        },
                        "meta": {
                            "schema_version": "2"
                        },
                        "tainted": false
                    },
                    "deposed": [],
                    "provider": ""
                },
                "aws_route53_record.ldap_cname": {
                    "type": "aws_route53_record",
                    "depends_on": [
                        "aws_route53_record.ldap",
                        "aws_route53_zone.jiveprivate"
                    ],
                    "primary": {
                        "id": "Z3EI1CWJSFIPAM_ldap.infra-pipeline_CNAME",
                        "attributes": {
                            "fqdn": "ldap.infra-pipeline.jiveprivate.com",
                            "health_check_id": "",
                            "id": "Z3EI1CWJSFIPAM_ldap.infra-pipeline_CNAME",
                            "name": "ldap.infra-pipeline",
                            "records.#": "1",
                            "records.638751632": "ldap.jiveprivate.com",
                            "set_identifier": "",
                            "ttl": "60",
                            "type": "CNAME",
                            "zone_id": "Z3EI1CWJSFIPAM"
                        },
                        "meta": {
                            "schema_version": "2"
                        },
                        "tainted": false
                    },
                    "deposed": [],
                    "provider": ""
                },
                "aws_route53_record.ldap_eu": {
                    "type": "aws_route53_record",
                    "depends_on": [
                        "aws_route53_record.ldap",
                        "aws_route53_zone.jiveprivate"
                    ],
                    "primary": {
                        "id": "Z3EI1CWJSFIPAM_ldap.jiveprivate.com_A_ldap_eu",
                        "attributes": {
                            "fqdn": "ldap.jiveprivate.com",
                            "geolocation_routing_policy.#": "1",
                            "geolocation_routing_policy.0.continent": "EU",
                            "geolocation_routing_policy.0.country": "",
                            "geolocation_routing_policy.0.subdivision": "",
                            "health_check_id": "",
                            "id": "Z3EI1CWJSFIPAM_ldap.jiveprivate.com_A_ldap_eu",
                            "name": "ldap.jiveprivate.com",
                            "records.#": "1",
                            "records.405664674": "10.96.4.7",
                            "set_identifier": "ldap_eu",
                            "ttl": "60",
                            "type": "A",
                            "zone_id": "Z3EI1CWJSFIPAM"
                        },
                        "meta": {
                            "schema_version": "2"
                        },
                        "tainted": false
                    },
                    "deposed": [],
                    "provider": ""
                },
                "aws_route53_record.ldap_na": {
                    "type": "aws_route53_record",
                    "depends_on": [
                        "aws_route53_zone.jiveprivate"
                    ],
                    "primary": {
                        "id": "Z3EI1CWJSFIPAM_ldap.jiveprivate.com_A_ldap_na",
                        "attributes": {
                            "fqdn": "ldap.jiveprivate.com",
                            "geolocation_routing_policy.#": "1",
                            "geolocation_routing_policy.0.continent": "NA",
                            "geolocation_routing_policy.0.country": "",
                            "geolocation_routing_policy.0.subdivision": "",
                            "health_check_id": "",
                            "id": "Z3EI1CWJSFIPAM_ldap.jiveprivate.com_A_ldap_na",
                            "name": "ldap.jiveprivate.com",
                            "records.#": "1",
                            "records.2365880375": "10.190.4.6",
                            "set_identifier": "ldap_na",
                            "ttl": "60",
                            "type": "A",
                            "zone_id": "Z3EI1CWJSFIPAM"
                        },
                        "meta": {
                            "schema_version": "2"
                        },
                        "tainted": false
                    },
                    "deposed": [],
                    "provider": ""
                },
                "aws_route53_record.lemur-prod": {
                    "type": "aws_route53_record",
                    "depends_on": [
                        "aws_route53_zone.infra"
                    ],
                    "primary": {
                        "id": "Z1VT4H9T8HRLM3_lemur-prod_CNAME",
                        "attributes": {
                            "fqdn": "lemur-prod.infra.jivehosted.com",
                            "health_check_id": "",
                            "id": "Z1VT4H9T8HRLM3_lemur-prod_CNAME",
                            "name": "lemur-prod",
                            "records.#": "1",
                            "records.4230564073": "internal-lemur-elb-1969052899.us-west-2.elb.amazonaws.com",
                            "set_identifier": "",
                            "ttl": "60",
                            "type": "CNAME",
                            "zone_id": "Z1VT4H9T8HRLM3"
                        },
                        "meta": {
                            "schema_version": "2"
                        },
                        "tainted": false
                    },
                    "deposed": [],
                    "provider": ""
                },
                "aws_route53_record.ms-pipeline-eu-master": {
                    "type": "aws_route53_record",
                    "depends_on": [
                        "aws_route53_zone.infra"
                    ],
                    "primary": {
                        "id": "Z1VT4H9T8HRLM3_ms-pipeline-eu-master_CNAME",
                        "attributes": {
                            "fqdn": "ms-pipeline-eu-master.infra.jivehosted.com",
                            "health_check_id": "",
                            "id": "Z1VT4H9T8HRLM3_ms-pipeline-eu-master_CNAME",
                            "name": "ms-pipeline-eu-master",
                            "records.#": "1",
                            "records.3283797384": "internal-pipeline-k8s-master-elb-81483824.eu-central-1.elb.amazonaws.com",
                            "set_identifier": "",
                            "ttl": "60",
                            "type": "CNAME",
                            "zone_id": "Z1VT4H9T8HRLM3"
                        },
                        "meta": {
                            "schema_version": "2"
                        },
                        "tainted": false
                    },
                    "deposed": [],
                    "provider": ""
                },
                "aws_route53_record.ms-pipeline-us-east-master-elb": {
                    "type": "aws_route53_record",
                    "depends_on": [
                        "aws_route53_zone.infra"
                    ],
                    "primary": {
                        "id": "Z1VT4H9T8HRLM3_ms-pipeline-us-east-master_CNAME",
                        "attributes": {
                            "fqdn": "ms-pipeline-us-east-master.infra.jivehosted.com",
                            "health_check_id": "",
                            "id": "Z1VT4H9T8HRLM3_ms-pipeline-us-east-master_CNAME",
                            "name": "ms-pipeline-us-east-master",
                            "records.#": "1",
                            "records.1989713017": "internal-pipeline-k8s-master-elb-1114365283.us-east-1.elb.amazonaws.com",
                            "set_identifier": "",
                            "ttl": "60",
                            "type": "CNAME",
                            "zone_id": "Z1VT4H9T8HRLM3"
                        },
                        "meta": {
                            "schema_version": "2"
                        },
                        "tainted": false
                    },
                    "deposed": [],
                    "provider": ""
                },
                "aws_route53_record.ms-pipeline-us-master": {
                    "type": "aws_route53_record",
                    "depends_on": [
                        "aws_route53_zone.infra"
                    ],
                    "primary": {
                        "id": "Z1VT4H9T8HRLM3_ms-pipeline-us-master_CNAME",
                        "attributes": {
                            "fqdn": "ms-pipeline-us-master.infra.jivehosted.com",
                            "health_check_id": "",
                            "id": "Z1VT4H9T8HRLM3_ms-pipeline-us-master_CNAME",
                            "name": "ms-pipeline-us-master",
                            "records.#": "1",
                            "records.383165652": "internal-pipeline-k8s-master-elb-1853603582.us-west-2.elb.amazonaws.com",
                            "set_identifier": "",
                            "ttl": "60",
                            "type": "CNAME",
                            "zone_id": "Z1VT4H9T8HRLM3"
                        },
                        "meta": {
                            "schema_version": "2"
                        },
                        "tainted": false
                    },
                    "deposed": [],
                    "provider": ""
                },
                "aws_route53_record.ms-prod-us-east-master-elb": {
                    "type": "aws_route53_record",
                    "depends_on": [
                        "aws_route53_zone.infra"
                    ],
                    "primary": {
                        "id": "Z1VT4H9T8HRLM3_ms-prod-us-east-master_CNAME",
                        "attributes": {
                            "fqdn": "ms-prod-us-east-master.infra.jivehosted.com",
                            "health_check_id": "",
                            "id": "Z1VT4H9T8HRLM3_ms-prod-us-east-master_CNAME",
                            "name": "ms-prod-us-east-master",
                            "records.#": "1",
                            "records.3022197475": "internal-prod-k8s-master-elb-1212043231.us-east-1.elb.amazonaws.com",
                            "set_identifier": "",
                            "ttl": "60",
                            "type": "CNAME",
                            "zone_id": "Z1VT4H9T8HRLM3"
                        },
                        "meta": {
                            "schema_version": "2"
                        },
                        "tainted": false
                    },
                    "deposed": [],
                    "provider": ""
                },
                "aws_route53_record.ms-prod-us-master": {
                    "type": "aws_route53_record",
                    "depends_on": [
                        "aws_route53_zone.infra"
                    ],
                    "primary": {
                        "id": "Z1VT4H9T8HRLM3_ms-prod-us-master_CNAME",
                        "attributes": {
                            "fqdn": "ms-prod-us-master.infra.jivehosted.com",
                            "health_check_id": "",
                            "id": "Z1VT4H9T8HRLM3_ms-prod-us-master_CNAME",
                            "name": "ms-prod-us-master",
                            "records.#": "1",
                            "records.1630554593": "internal-prod-k8s-master-elb-872272478.us-west-2.elb.amazonaws.com",
                            "set_identifier": "",
                            "ttl": "60",
                            "type": "CNAME",
                            "zone_id": "Z1VT4H9T8HRLM3"
                        },
                        "meta": {
                            "schema_version": "2"
                        },
                        "tainted": false
                    },
                    "deposed": [],
                    "provider": ""
                },
                "aws_route53_record.nexus": {
                    "type": "aws_route53_record",
                    "depends_on": [
                        "aws_route53_zone.jiveprivate"
                    ],
                    "primary": {
                        "id": "Z3EI1CWJSFIPAM_nexus.jiveprivate.com_A",
                        "attributes": {
                            "fqdn": "nexus.jiveprivate.com",
                            "health_check_id": "",
                            "id": "Z3EI1CWJSFIPAM_nexus.jiveprivate.com_A",
                            "name": "nexus.jiveprivate.com",
                            "records.#": "1",
                            "records.1781397951": "10.10.100.155",
                            "set_identifier": "",
                            "ttl": "60",
                            "type": "A",
                            "zone_id": "Z3EI1CWJSFIPAM"
                        },
                        "meta": {
                            "schema_version": "2"
                        },
                        "tainted": false
                    },
                    "deposed": [],
                    "provider": ""
                },
                "aws_route53_record.nexus_cname": {
                    "type": "aws_route53_record",
                    "depends_on": [
                        "aws_route53_record.nexus",
                        "aws_route53_zone.jiveprivate"
                    ],
                    "primary": {
                        "id": "Z3EI1CWJSFIPAM_nexus.infra-pipeline_CNAME",
                        "attributes": {
                            "fqdn": "nexus.infra-pipeline.jiveprivate.com",
                            "health_check_id": "",
                            "id": "Z3EI1CWJSFIPAM_nexus.infra-pipeline_CNAME",
                            "name": "nexus.infra-pipeline",
                            "records.#": "1",
                            "records.2776874764": "nexus.jiveprivate.com",
                            "set_identifier": "",
                            "ttl": "60",
                            "type": "CNAME",
                            "zone_id": "Z3EI1CWJSFIPAM"
                        },
                        "meta": {
                            "schema_version": "2"
                        },
                        "tainted": false
                    },
                    "deposed": [],
                    "provider": ""
                },
                "aws_route53_record.pete-pipeline-us-master-elb": {
                    "type": "aws_route53_record",
                    "depends_on": [
                        "aws_route53_zone.infra"
                    ],
                    "primary": {
                        "id": "Z1VT4H9T8HRLM3_pete-pipeline-us-master_CNAME",
                        "attributes": {
                            "fqdn": "pete-pipeline-us-master.infra.jivehosted.com",
                            "health_check_id": "",
                            "id": "Z1VT4H9T8HRLM3_pete-pipeline-us-master_CNAME",
                            "name": "pete-pipeline-us-master",
                            "records.#": "1",
                            "records.2059655209": "internal-pipeline-pete-k8s-master-elb-1483055980.us-west-2.elb.amazonaws.com",
                            "set_identifier": "",
                            "ttl": "60",
                            "type": "CNAME",
                            "zone_id": "Z1VT4H9T8HRLM3"
                        },
                        "meta": {
                            "schema_version": "2"
                        },
                        "tainted": false
                    },
                    "deposed": [],
                    "provider": ""
                },
                "aws_route53_record.reco-api-brewprod-us-west": {
                    "type": "aws_route53_record",
                    "depends_on": [
                        "aws_route53_zone.services"
                    ],
                    "primary": {
                        "id": "Z1DVQ4TJ05VQXR_api.reco-brewprod-us-west-2_CNAME",
                        "attributes": {
                            "fqdn": "api.reco-brewprod-us-west-2.svc-mako-dev.jivehosted.com",
                            "health_check_id": "",
                            "id": "Z1DVQ4TJ05VQXR_api.reco-brewprod-us-west-2_CNAME",
                            "name": "api.reco-brewprod-us-west-2",
                            "records.#": "1",
                            "records.1613121137": "internal-reco-brewprod-147238334.us-west-2.elb.amazonaws.com",
                            "set_identifier": "",
                            "ttl": "300",
                            "type": "CNAME",
                            "zone_id": "Z1DVQ4TJ05VQXR"
                        },
                        "meta": {
                            "schema_version": "2"
                        },
                        "tainted": false
                    },
                    "deposed": [],
                    "provider": ""
                },
                "aws_route53_record.reco-api-prod-us-west": {
                    "type": "aws_route53_record",
                    "depends_on": [
                        "aws_route53_zone.services"
                    ],
                    "primary": {
                        "id": "Z1DVQ4TJ05VQXR_api.reco-prod-us-west-2_CNAME",
                        "attributes": {
                            "fqdn": "api.reco-prod-us-west-2.svc-mako-dev.jivehosted.com",
                            "health_check_id": "",
                            "id": "Z1DVQ4TJ05VQXR_api.reco-prod-us-west-2_CNAME",
                            "name": "api.reco-prod-us-west-2",
                            "records.#": "1",
                            "records.2372284792": "internal-reco-prod-1657470086.us-west-2.elb.amazonaws.com",
                            "set_identifier": "",
                            "ttl": "300",
                            "type": "CNAME",
                            "zone_id": "Z1DVQ4TJ05VQXR"
                        },
                        "meta": {
                            "schema_version": "2"
                        },
                        "tainted": false
                    },
                    "deposed": [],
                    "provider": ""
                },
                "aws_route53_record.reco-api-test-us-east": {
                    "type": "aws_route53_record",
                    "depends_on": [
                        "aws_route53_zone.services"
                    ],
                    "primary": {
                        "id": "Z1DVQ4TJ05VQXR_api.reco-test-us-east-1_CNAME",
                        "attributes": {
                            "fqdn": "api.reco-test-us-east-1.svc-mako-dev.jivehosted.com",
                            "health_check_id": "",
                            "id": "Z1DVQ4TJ05VQXR_api.reco-test-us-east-1_CNAME",
                            "name": "api.reco-test-us-east-1",
                            "records.#": "1",
                            "records.1538012442": "internal-reco-test-1355130652.us-east-1.elb.amazonaws.com",
                            "set_identifier": "",
                            "ttl": "300",
                            "type": "CNAME",
                            "zone_id": "Z1DVQ4TJ05VQXR"
                        },
                        "meta": {
                            "schema_version": "2"
                        },
                        "tainted": false
                    },
                    "deposed": [],
                    "provider": ""
                },
                "aws_route53_record.reco-api-test-us-west": {
                    "type": "aws_route53_record",
                    "depends_on": [
                        "aws_route53_zone.services"
                    ],
                    "primary": {
                        "id": "Z1DVQ4TJ05VQXR_api.reco-test-us-west-2_CNAME",
                        "attributes": {
                            "fqdn": "api.reco-test-us-west-2.svc-mako-dev.jivehosted.com",
                            "health_check_id": "",
                            "id": "Z1DVQ4TJ05VQXR_api.reco-test-us-west-2_CNAME",
                            "name": "api.reco-test-us-west-2",
                            "records.#": "1",
                            "records.2578991305": "internal-reco-test-283579554.us-west-2.elb.amazonaws.com",
                            "set_identifier": "",
                            "ttl": "300",
                            "type": "CNAME",
                            "zone_id": "Z1DVQ4TJ05VQXR"
                        },
                        "meta": {
                            "schema_version": "2"
                        },
                        "tainted": false
                    },
                    "deposed": [],
                    "provider": ""
                },
                "aws_route53_record.reco-api2-brewprod-us-west": {
                    "type": "aws_route53_record",
                    "depends_on": [
                        "aws_route53_zone.services"
                    ],
                    "primary": {
                        "id": "Z1DVQ4TJ05VQXR_api2.reco-brewprod-us-west-2_CNAME",
                        "attributes": {
                            "fqdn": "api2.reco-brewprod-us-west-2.svc-mako-dev.jivehosted.com",
                            "health_check_id": "",
                            "id": "Z1DVQ4TJ05VQXR_api2.reco-brewprod-us-west-2_CNAME",
                            "name": "api2.reco-brewprod-us-west-2",
                            "records.#": "1",
                            "records.1637514627": "internal-reco-brewprod2-45922771.us-west-2.elb.amazonaws.com",
                            "set_identifier": "",
                            "ttl": "300",
                            "type": "CNAME",
                            "zone_id": "Z1DVQ4TJ05VQXR"
                        },
                        "meta": {
                            "schema_version": "2"
                        },
                        "tainted": false
                    },
                    "deposed": [],
                    "provider": ""
                },
                "aws_route53_record.reco-api2-prod-us-west": {
                    "type": "aws_route53_record",
                    "depends_on": [
                        "aws_route53_zone.services"
                    ],
                    "primary": {
                        "id": "Z1DVQ4TJ05VQXR_api2.reco-prod-us-west-2_CNAME",
                        "attributes": {
                            "fqdn": "api2.reco-prod-us-west-2.svc-mako-dev.jivehosted.com",
                            "health_check_id": "",
                            "id": "Z1DVQ4TJ05VQXR_api2.reco-prod-us-west-2_CNAME",
                            "name": "api2.reco-prod-us-west-2",
                            "records.#": "1",
                            "records.3828906796": "internal-reco-prod2-381187118.us-west-2.elb.amazonaws.com",
                            "set_identifier": "",
                            "ttl": "300",
                            "type": "CNAME",
                            "zone_id": "Z1DVQ4TJ05VQXR"
                        },
                        "meta": {
                            "schema_version": "2"
                        },
                        "tainted": false
                    },
                    "deposed": [],
                    "provider": ""
                },
                "aws_route53_record.reco-api2-test-us-west": {
                    "type": "aws_route53_record",
                    "depends_on": [
                        "aws_route53_zone.services"
                    ],
                    "primary": {
                        "id": "Z1DVQ4TJ05VQXR_api2.reco-test-us-west-2_CNAME",
                        "attributes": {
                            "fqdn": "api2.reco-test-us-west-2.svc-mako-dev.jivehosted.com",
                            "health_check_id": "",
                            "id": "Z1DVQ4TJ05VQXR_api2.reco-test-us-west-2_CNAME",
                            "name": "api2.reco-test-us-west-2",
                            "records.#": "1",
                            "records.3882939594": "internal-reco-test2-761256328.us-west-2.elb.amazonaws.com",
                            "set_identifier": "",
                            "ttl": "300",
                            "type": "CNAME",
                            "zone_id": "Z1DVQ4TJ05VQXR"
                        },
                        "meta": {
                            "schema_version": "2"
                        },
                        "tainted": false
                    },
                    "deposed": [],
                    "provider": ""
                },
                "aws_route53_record.sam-pipeline-us-master-elb": {
                    "type": "aws_route53_record",
                    "depends_on": [
                        "aws_route53_zone.infra"
                    ],
                    "primary": {
                        "id": "Z1VT4H9T8HRLM3_sam-pipeline-us-master_CNAME",
                        "attributes": {
                            "fqdn": "sam-pipeline-us-master.infra.jivehosted.com",
                            "health_check_id": "",
                            "id": "Z1VT4H9T8HRLM3_sam-pipeline-us-master_CNAME",
                            "name": "sam-pipeline-us-master",
                            "records.#": "1",
                            "records.1153407233": "internal-pipeline-sam-k8s-master-elb-1774599046.us-west-2.elb.amazonaws.com",
                            "set_identifier": "",
                            "ttl": "60",
                            "type": "CNAME",
                            "zone_id": "Z1VT4H9T8HRLM3"
                        },
                        "meta": {
                            "schema_version": "2"
                        },
                        "tainted": false
                    },
                    "deposed": [],
                    "provider": ""
                },
                "aws_route53_record.services": {
                    "type": "aws_route53_record",
                    "depends_on": [
                        "aws_route53_zone.services"
                    ],
                    "primary": {
                        "id": "Z1DVQ4TJ05VQXR_svc-mako-dev.jivehosted.com_NS",
                        "attributes": {
                            "fqdn": "svc-mako-dev.jivehosted.com",
                            "health_check_id": "",
                            "id": "Z1DVQ4TJ05VQXR_svc-mako-dev.jivehosted.com_NS",
                            "name": "svc-mako-dev.jivehosted.com",
                            "records.#": "4",
                            "records.3222797574": "ns-764.awsdns-31.net",
                            "records.3895687398": "ns-1609.awsdns-09.co.uk",
                            "records.4197470259": "ns-1153.awsdns-16.org",
                            "records.946056830": "ns-279.awsdns-34.com",
                            "set_identifier": "",
                            "ttl": "30",
                            "type": "NS",
                            "zone_id": "Z1DVQ4TJ05VQXR"
                        },
                        "meta": {
                            "schema_version": "2"
                        },
                        "tainted": false
                    },
                    "deposed": [],
                    "provider": ""
                },
                "aws_route53_record.stash": {
                    "type": "aws_route53_record",
                    "depends_on": [
                        "aws_route53_zone.jiveprivate"
                    ],
                    "primary": {
                        "id": "Z3EI1CWJSFIPAM_stash.jiveprivate.com_A",
                        "attributes": {
                            "fqdn": "stash.jiveprivate.com",
                            "health_check_id": "",
                            "id": "Z3EI1CWJSFIPAM_stash.jiveprivate.com_A",
                            "name": "stash.jiveprivate.com",
                            "records.#": "1",
                            "records.2265913606": "10.10.6.29",
                            "set_identifier": "",
                            "ttl": "60",
                            "type": "A",
                            "zone_id": "Z3EI1CWJSFIPAM"
                        },
                        "meta": {
                            "schema_version": "2"
                        },
                        "tainted": false
                    },
                    "deposed": [],
                    "provider": ""
                },
                "aws_route53_record.stash_cname": {
                    "type": "aws_route53_record",
                    "depends_on": [
                        "aws_route53_record.stash",
                        "aws_route53_zone.jiveprivate"
                    ],
                    "primary": {
                        "id": "Z3EI1CWJSFIPAM_stash.infra-pipeline_CNAME",
                        "attributes": {
                            "fqdn": "stash.infra-pipeline.jiveprivate.com",
                            "health_check_id": "",
                            "id": "Z3EI1CWJSFIPAM_stash.infra-pipeline_CNAME",
                            "name": "stash.infra-pipeline",
                            "records.#": "1",
                            "records.2729518309": "stash.jiveprivate.com",
                            "set_identifier": "",
                            "ttl": "60",
                            "type": "CNAME",
                            "zone_id": "Z3EI1CWJSFIPAM"
                        },
                        "meta": {
                            "schema_version": "2"
                        },
                        "tainted": false
                    },
                    "deposed": [],
                    "provider": ""
                },
                "aws_route53_record.sunnyd-pipeline-us-master-elb": {
                    "type": "aws_route53_record",
                    "depends_on": [
                        "aws_route53_zone.infra"
                    ],
                    "primary": {
                        "id": "Z1VT4H9T8HRLM3_sunnyd-pipeline-us-master_CNAME",
                        "attributes": {
                            "fqdn": "sunnyd-pipeline-us-master.infra.jivehosted.com",
                            "health_check_id": "",
                            "id": "Z1VT4H9T8HRLM3_sunnyd-pipeline-us-master_CNAME",
                            "name": "sunnyd-pipeline-us-master",
                            "records.#": "1",
                            "records.2599352062": "internal-pipeline-sunnyd-k8s-master-elb-880772487.us-west-2.elb.amazonaws.com",
                            "set_identifier": "",
                            "ttl": "60",
                            "type": "CNAME",
                            "zone_id": "Z1VT4H9T8HRLM3"
                        },
                        "meta": {
                            "schema_version": "2"
                        },
                        "tainted": false
                    },
                    "deposed": [],
                    "provider": ""
                },
                "aws_route53_zone.infra": {
                    "type": "aws_route53_zone",
                    "depends_on": [],
                    "primary": {
                        "id": "Z1VT4H9T8HRLM3",
                        "attributes": {
                            "comment": "Managed by Terraform",
                            "force_destroy": "false",
                            "id": "Z1VT4H9T8HRLM3",
                            "name": "infra.jivehosted.com",
                            "name_servers.#": "4",
                            "name_servers.0": "ns-1309.awsdns-35.org",
                            "name_servers.1": "ns-1967.awsdns-53.co.uk",
                            "name_servers.2": "ns-406.awsdns-50.com",
                            "name_servers.3": "ns-837.awsdns-40.net",
                            "tags.%": "0",
                            "zone_id": "Z1VT4H9T8HRLM3"
                        },
                        "meta": {},
                        "tainted": false
                    },
                    "deposed": [],
                    "provider": ""
                },
                "aws_route53_zone.jiveprivate": {
                    "type": "aws_route53_zone",
                    "depends_on": [
                        "aws_vpc.route53"
                    ],
                    "primary": {
                        "id": "Z3EI1CWJSFIPAM",
                        "attributes": {
                            "comment": "Private domain for jive-infra-pipeline",
                            "force_destroy": "false",
                            "id": "Z3EI1CWJSFIPAM",
                            "name": "jiveprivate.com",
                            "name_servers.#": "4",
                            "name_servers.0": "ns-0.awsdns-00.com.",
                            "name_servers.1": "ns-1024.awsdns-00.org.",
                            "name_servers.2": "ns-1536.awsdns-00.co.uk.",
                            "name_servers.3": "ns-512.awsdns-00.net.",
                            "tags.%": "4",
                            "tags.Name": "jiveprivate.com",
                            "tags.account_name": "jive-infra-pipeline",
                            "tags.jive_service": "infrastructure",
                            "tags.region": "us-west-2",
                            "vpc_id": "vpc-2cabda48",
                            "vpc_region": "us-west-2",
                            "zone_id": "Z3EI1CWJSFIPAM"
                        },
                        "meta": {},
                        "tainted": false
                    },
                    "deposed": [],
                    "provider": ""
                },
                "aws_route53_zone.services": {
                    "type": "aws_route53_zone",
                    "depends_on": [],
                    "primary": {
                        "id": "Z1DVQ4TJ05VQXR",
                        "attributes": {
                            "comment": "Managed by Terraform",
                            "force_destroy": "false",
                            "id": "Z1DVQ4TJ05VQXR",
                            "name": "svc-mako-dev.jivehosted.com",
                            "name_servers.#": "4",
                            "name_servers.0": "ns-1153.awsdns-16.org",
                            "name_servers.1": "ns-1609.awsdns-09.co.uk",
                            "name_servers.2": "ns-279.awsdns-34.com",
                            "name_servers.3": "ns-764.awsdns-31.net",
                            "tags.%": "0",
                            "zone_id": "Z1DVQ4TJ05VQXR"
                        },
                        "meta": {},
                        "tainted": false
                    },
                    "deposed": [],
                    "provider": ""
                },
                "aws_s3_bucket.ansible": {
                    "type": "aws_s3_bucket",
                    "depends_on": [],
                    "primary": {
                        "id": "jive-ansible-jive-infra-pipeline-usw2",
                        "attributes": {
                            "acceleration_status": "",
                            "acl": "private",
                            "arn": "arn:aws:s3:::jive-ansible-jive-infra-pipeline-usw2",
                            "bucket": "jive-ansible-jive-infra-pipeline-usw2",
                            "bucket_domain_name": "jive-ansible-jive-infra-pipeline-usw2.s3.amazonaws.com",
                            "force_destroy": "false",
                            "hosted_zone_id": "Z3BJ6K6RIION7M",
                            "id": "jive-ansible-jive-infra-pipeline-usw2",
                            "lifecycle_rule.#": "1",
                            "lifecycle_rule.0.abort_incomplete_multipart_upload_days": "0",
                            "lifecycle_rule.0.enabled": "true",
                            "lifecycle_rule.0.expiration.#": "0",
                            "lifecycle_rule.0.id": "tf-s3-lifecycle-vng3yci5svcwzdbv4bbl3bauzu",
                            "lifecycle_rule.0.noncurrent_version_expiration.#": "1",
                            "lifecycle_rule.0.noncurrent_version_expiration.3643973238.days": "180",
                            "lifecycle_rule.0.noncurrent_version_transition.#": "1",
                            "lifecycle_rule.0.noncurrent_version_transition.892216850.days": "90",
                            "lifecycle_rule.0.noncurrent_version_transition.892216850.storage_class": "STANDARD_IA",
                            "lifecycle_rule.0.prefix": "ansible/",
                            "lifecycle_rule.0.transition.#": "0",
                            "logging.#": "0",
                            "policy": "{\"Statement\":[{\"Action\":\"s3:GetObject\",\"Effect\":\"Allow\",\"Principal\":{\"AWS\":[\"arn:aws:iam::236799202671:root\",\"arn:aws:iam::517449413234:root\",\"arn:aws:iam::816602928515:root\",\"arn:aws:iam::044571148504:root\",\"arn:aws:iam::874979382819:root\",\"arn:aws:iam::041205748055:root\",\"arn:aws:iam::403612517204:root\",\"arn:aws:iam::663559125979:root\",\"arn:aws:iam::467524913882:root\",\"arn:aws:iam::549229563172:root\",\"arn:aws:iam::704799964251:root\",\"arn:aws:iam::999547976641:root\",\"arn:aws:iam::293490559745:root\",\"arn:aws:iam::819473657664:root\",\"arn:aws:iam::811034720611:root\",\"arn:aws:iam::642745549043:root\",\"arn:aws:iam::870846026232:root\",\"arn:aws:iam::409573287771:root\",\"arn:aws:iam::193204500816:root\"]},\"Resource\":\"arn:aws:s3:::jive-ansible-jive-infra-pipeline-usw2/*\",\"Sid\":\"AllowAnsibleDownload\"},{\"Action\":\"s3:PutObject\",\"Condition\":{\"IpAddress\":{\"aws:SourceIp\":\"204.93.66.127/32\"}},\"Effect\":\"Allow\",\"Principal\":\"*\",\"Resource\":\"arn:aws:s3:::jive-ansible-jive-infra-pipeline-usw2/*\",\"Sid\":\"AllowAnsibleUpload\"}],\"Version\":\"2012-10-17\"}",
                            "region": "us-west-2",
                            "request_payer": "BucketOwner",
                            "tags.%": "7",
                            "tags.Name": "jive-ansible-jive-infra-pipeline-usw2",
                            "tags.account_name": "jive-infra-pipeline",
                            "tags.jive_service": "infrastructure",
                            "tags.pipeline_phase": "infra-pipeline",
                            "tags.region": "us-west-2",
                            "tags.service_component": "ansible",
                            "tags.sla": "non-prod",
                            "versioning.#": "1",
                            "versioning.0.enabled": "true",
                            "versioning.0.mfa_delete": "false",
                            "website.#": "0"
                        },
                        "meta": {},
                        "tainted": false
                    },
                    "deposed": [],
                    "provider": ""
                },
                "aws_s3_bucket.ansible_coreos": {
                    "type": "aws_s3_bucket",
                    "depends_on": [],
                    "primary": {
                        "id": "jive-ansible-coreos-jive-infra-pipeline-usw2",
                        "attributes": {
                            "acceleration_status": "",
                            "acl": "private",
                            "arn": "arn:aws:s3:::jive-ansible-coreos-jive-infra-pipeline-usw2",
                            "bucket": "jive-ansible-coreos-jive-infra-pipeline-usw2",
                            "bucket_domain_name": "jive-ansible-coreos-jive-infra-pipeline-usw2.s3.amazonaws.com",
                            "force_destroy": "false",
                            "hosted_zone_id": "Z3BJ6K6RIION7M",
                            "id": "jive-ansible-coreos-jive-infra-pipeline-usw2",
                            "lifecycle_rule.#": "1",
                            "lifecycle_rule.0.abort_incomplete_multipart_upload_days": "0",
                            "lifecycle_rule.0.enabled": "true",
                            "lifecycle_rule.0.expiration.#": "0",
                            "lifecycle_rule.0.id": "tf-s3-lifecycle-q7zw56h2ajh75b4pfq2bmbqnc4",
                            "lifecycle_rule.0.noncurrent_version_expiration.#": "1",
                            "lifecycle_rule.0.noncurrent_version_expiration.3643973238.days": "180",
                            "lifecycle_rule.0.noncurrent_version_transition.#": "1",
                            "lifecycle_rule.0.noncurrent_version_transition.892216850.days": "90",
                            "lifecycle_rule.0.noncurrent_version_transition.892216850.storage_class": "STANDARD_IA",
                            "lifecycle_rule.0.prefix": "ansible-coreos/",
                            "lifecycle_rule.0.transition.#": "0",
                            "logging.#": "0",
                            "policy": "{\"Statement\":[{\"Action\":\"s3:GetObject\",\"Effect\":\"Allow\",\"Principal\":{\"AWS\":[\"arn:aws:iam::517449413234:root\",\"arn:aws:iam::816602928515:root\",\"arn:aws:iam::874979382819:root\",\"arn:aws:iam::193204500816:root\",\"arn:aws:iam::403612517204:root\",\"arn:aws:iam::663559125979:root\",\"arn:aws:iam::704799964251:root\",\"arn:aws:iam::999547976641:root\",\"arn:aws:iam::870846026232:root\",\"arn:aws:iam::549229563172:root\",\"arn:aws:iam::467524913882:root\",\"arn:aws:iam::811034720611:root\",\"arn:aws:iam::642745549043:root\",\"arn:aws:iam::044571148504:root\",\"arn:aws:iam::041205748055:root\",\"arn:aws:iam::409573287771:root\",\"arn:aws:iam::819473657664:root\",\"arn:aws:iam::236799202671:root\"]},\"Resource\":\"arn:aws:s3:::jive-ansible-coreos-jive-infra-pipeline-usw2/*\",\"Sid\":\"AllowAnsibleDownload\"},{\"Action\":\"s3:PutObject\",\"Condition\":{\"IpAddress\":{\"aws:SourceIp\":\"204.93.66.127/32\"}},\"Effect\":\"Allow\",\"Principal\":\"*\",\"Resource\":\"arn:aws:s3:::jive-ansible-coreos-jive-infra-pipeline-usw2/*\",\"Sid\":\"AllowAnsibleUpload\"}],\"Version\":\"2012-10-17\"}",
                            "region": "us-west-2",
                            "request_payer": "BucketOwner",
                            "tags.%": "7",
                            "tags.Name": "jive-ansible-coreos-jive-infra-pipeline-usw2",
                            "tags.account_name": "jive-infra-pipeline",
                            "tags.jive_service": "infrastructure",
                            "tags.pipeline_phase": "infra-pipeline",
                            "tags.region": "us-west-2",
                            "tags.service_component": "ansible",
                            "tags.sla": "non-prod",
                            "versioning.#": "1",
                            "versioning.0.enabled": "true",
                            "versioning.0.mfa_delete": "false",
                            "website.#": "0"
                        },
                        "meta": {},
                        "tainted": false
                    },
                    "deposed": [],
                    "provider": ""
                },
                "aws_s3_bucket.ansible_coreos_vault": {
                    "type": "aws_s3_bucket",
                    "depends_on": [],
                    "primary": {
                        "id": "jive-ansible-coreos-vault-jive-infra-pipeline-usw2",
                        "attributes": {
                            "acceleration_status": "",
                            "acl": "private",
                            "arn": "arn:aws:s3:::jive-ansible-coreos-vault-jive-infra-pipeline-usw2",
                            "bucket": "jive-ansible-coreos-vault-jive-infra-pipeline-usw2",
                            "bucket_domain_name": "jive-ansible-coreos-vault-jive-infra-pipeline-usw2.s3.amazonaws.com",
                            "force_destroy": "true",
                            "hosted_zone_id": "Z3BJ6K6RIION7M",
                            "id": "jive-ansible-coreos-vault-jive-infra-pipeline-usw2",
                            "logging.#": "0",
                            "policy": "{\"Statement\":[{\"Action\":\"s3:GetObject\",\"Condition\":{\"IpAddress\":{\"aws:SourceIp\":[\"10.96.0.0/12\",\"10.128.0.0/12\",\"10.160.0.0/12\",\"10.176.0.0/12\",\"10.190.0.0/12\",\"10.248.0.0/12\",\"204.93.64.4/32\",\"204.93.80.112/32\",\"204.93.80.113/32\",\"204.93.80.118/32\",\"204.93.80.119/32\",\"204.93.95.112/32\",\"204.93.95.113/32\",\"204.93.95.114/32\",\"204.93.95.115/32\",\"192.250.208.115/32\",\"192.250.208.116/32\",\"192.250.208.117/32\",\"192.250.208.118/32\"]}},\"Effect\":\"Allow\",\"Principal\":\"*\",\"Resource\":[\"arn:aws:s3:::jive-ansible-coreos-vault-jive-infra-pipeline-usw2\",\"arn:aws:s3:::jive-ansible-coreos-vault-jive-infra-pipeline-usw2/*\"],\"Sid\":\"statement1\"},{\"Action\":\"s3:GetObject\",\"Effect\":\"Allow\",\"Principal\":{\"AWS\":[\"arn:aws:iam::811034720611:root\",\"arn:aws:iam::642745549043:root\",\"arn:aws:iam::999547976641:root\",\"arn:aws:iam::663559125979:root\",\"arn:aws:iam::467524913882:root\",\"arn:aws:iam::549229563172:root\",\"arn:aws:iam::044571148504:root\",\"arn:aws:iam::403612517204:root\",\"arn:aws:iam::816602928515:root\",\"arn:aws:iam::803801599679:root\",\"arn:aws:iam::874979382819:root\",\"arn:aws:iam::517449413234:root\",\"arn:aws:iam::356028461833:root\",\"arn:aws:iam::378291628856:root\",\"arn:aws:iam::193204500816:root\",\"arn:aws:iam::046080910130:root\",\"arn:aws:iam::409573287771:root\",\"arn:aws:iam::368751757243:root\",\"arn:aws:iam::870846026232:root\"]},\"Resource\":[\"arn:aws:s3:::jive-ansible-coreos-vault-jive-infra-pipeline-usw2\",\"arn:aws:s3:::jive-ansible-coreos-vault-jive-infra-pipeline-usw2/*\"],\"Sid\":\"statement2\"}],\"Version\":\"2012-10-17\"}",
                            "region": "us-west-2",
                            "request_payer": "BucketOwner",
                            "tags.%": "3",
                            "tags.jive_service": "infrastructure",
                            "tags.pipeline_phase": "infra-pipeline",
                            "tags.service_component": "ansible",
                            "versioning.#": "1",
                            "versioning.0.enabled": "false",
                            "versioning.0.mfa_delete": "false",
                            "website.#": "0"
                        },
                        "meta": {},
                        "tainted": false
                    },
                    "deposed": [],
                    "provider": ""
                },
                "aws_s3_bucket.ansible_vault": {
                    "type": "aws_s3_bucket",
                    "depends_on": [],
                    "primary": {
                        "id": "jive-ansible-vault-jive-infra-pipeline-usw2",
                        "attributes": {
                            "acceleration_status": "",
                            "acl": "private",
                            "arn": "arn:aws:s3:::jive-ansible-vault-jive-infra-pipeline-usw2",
                            "bucket": "jive-ansible-vault-jive-infra-pipeline-usw2",
                            "bucket_domain_name": "jive-ansible-vault-jive-infra-pipeline-usw2.s3.amazonaws.com",
                            "force_destroy": "true",
                            "hosted_zone_id": "Z3BJ6K6RIION7M",
                            "id": "jive-ansible-vault-jive-infra-pipeline-usw2",
                            "logging.#": "0",
                            "policy": "{\"Statement\":[{\"Action\":\"s3:GetObject\",\"Effect\":\"Allow\",\"Principal\":{\"AWS\":[\"arn:aws:iam::811034720611:root\",\"arn:aws:iam::642745549043:root\",\"arn:aws:iam::999547976641:root\",\"arn:aws:iam::663559125979:root\",\"arn:aws:iam::467524913882:root\",\"arn:aws:iam::549229563172:root\",\"arn:aws:iam::044571148504:root\",\"arn:aws:iam::403612517204:root\",\"arn:aws:iam::816602928515:root\",\"arn:aws:iam::803801599679:root\",\"arn:aws:iam::874979382819:root\",\"arn:aws:iam::517449413234:root\",\"arn:aws:iam::356028461833:root\",\"arn:aws:iam::378291628856:root\",\"arn:aws:iam::193204500816:root\",\"arn:aws:iam::046080910130:root\",\"arn:aws:iam::409573287771:root\",\"arn:aws:iam::293490559745:root\",\"arn:aws:iam::368751757243:root\",\"arn:aws:iam::870846026232:root\"]},\"Resource\":[\"arn:aws:s3:::jive-ansible-vault-jive-infra-pipeline-usw2\",\"arn:aws:s3:::jive-ansible-vault-jive-infra-pipeline-usw2/*\"],\"Sid\":\"statement2\"}],\"Version\":\"2012-10-17\"}",
                            "region": "us-west-2",
                            "request_payer": "BucketOwner",
                            "tags.%": "3",
                            "tags.jive_service": "infrastructure",
                            "tags.pipeline_phase": "infra-pipeline",
                            "tags.service_component": "ansible",
                            "versioning.#": "1",
                            "versioning.0.enabled": "false",
                            "versioning.0.mfa_delete": "false",
                            "website.#": "0"
                        },
                        "meta": {},
                        "tainted": false
                    },
                    "deposed": [],
                    "provider": ""
                },
                "aws_s3_bucket.cloudtrail": {
                    "type": "aws_s3_bucket",
                    "depends_on": [],
                    "primary": {
                        "id": "jive-cloudtrail-jive-infra-pipeline-usw2",
                        "attributes": {
                            "acceleration_status": "",
                            "acl": "private",
                            "arn": "arn:aws:s3:::jive-cloudtrail-jive-infra-pipeline-usw2",
                            "bucket": "jive-cloudtrail-jive-infra-pipeline-usw2",
                            "bucket_domain_name": "jive-cloudtrail-jive-infra-pipeline-usw2.s3.amazonaws.com",
                            "force_destroy": "true",
                            "hosted_zone_id": "Z3BJ6K6RIION7M",
                            "id": "jive-cloudtrail-jive-infra-pipeline-usw2",
                            "logging.#": "0",
                            "policy": "{\"Statement\":[{\"Action\":\"s3:GetBucketAcl\",\"Effect\":\"Allow\",\"Principal\":{\"Service\":\"cloudtrail.amazonaws.com\"},\"Resource\":\"arn:aws:s3:::jive-cloudtrail-jive-infra-pipeline-usw2\",\"Sid\":\"AWSCloudTrailAclCheck\"},{\"Action\":\"s3:PutObject\",\"Condition\":{\"StringEquals\":{\"s3:x-amz-acl\":\"bucket-owner-full-control\"}},\"Effect\":\"Allow\",\"Principal\":{\"Service\":\"cloudtrail.amazonaws.com\"},\"Resource\":\"arn:aws:s3:::jive-cloudtrail-jive-infra-pipeline-usw2/*\",\"Sid\":\"AWSCloudTrailWrite\"},{\"Action\":\"s3:PutObject\",\"Condition\":{\"StringNotEquals\":{\"s3:x-amz-server-side-encryption\":\"AES256\"}},\"Effect\":\"Deny\",\"Principal\":\"*\",\"Resource\":\"arn:aws:s3:::jive-cloudtrail-jive-infra-pipeline-usw2/*\",\"Sid\":\"DenyUnEncryptedObjectUploads\"}],\"Version\":\"2012-10-17\"}",
                            "region": "us-west-2",
                            "request_payer": "BucketOwner",
                            "tags.%": "3",
                            "tags.jive_service": "infrastructure",
                            "tags.pipeline_phase": "infra-pipeline",
                            "tags.service_component": "cloudtrail",
                            "versioning.#": "1",
                            "versioning.0.enabled": "false",
                            "versioning.0.mfa_delete": "false",
                            "website.#": "0"
                        },
                        "meta": {},
                        "tainted": false
                    },
                    "deposed": [],
                    "provider": ""
                },
                "aws_s3_bucket.jive-datadog-monitors-s3": {
                    "type": "aws_s3_bucket",
                    "depends_on": [],
                    "primary": {
                        "id": "jive-datadog-jive-infra-pipeline-usw2",
                        "attributes": {
                            "acceleration_status": "",
                            "acl": "private",
                            "arn": "arn:aws:s3:::jive-datadog-jive-infra-pipeline-usw2",
                            "bucket": "jive-datadog-jive-infra-pipeline-usw2",
                            "bucket_domain_name": "jive-datadog-jive-infra-pipeline-usw2.s3.amazonaws.com",
                            "force_destroy": "true",
                            "hosted_zone_id": "Z3BJ6K6RIION7M",
                            "id": "jive-datadog-jive-infra-pipeline-usw2",
                            "logging.#": "0",
                            "policy": "",
                            "region": "us-west-2",
                            "request_payer": "BucketOwner",
                            "tags.%": "3",
                            "tags.jive_service": "infrastructure",
                            "tags.pipeline_phase": "infra-pipeline",
                            "tags.service_component": "datadog",
                            "versioning.#": "1",
                            "versioning.0.enabled": "false",
                            "versioning.0.mfa_delete": "false",
                            "website.#": "0"
                        },
                        "meta": {},
                        "tainted": false
                    },
                    "deposed": [],
                    "provider": ""
                },
                "aws_vpc.route53": {
                    "type": "aws_vpc",
                    "depends_on": [],
                    "primary": {
                        "id": "vpc-2cabda48",
                        "attributes": {
                            "assign_generated_ipv6_cidr_block": "false",
                            "cidr_block": "172.32.0.0/16",
                            "default_network_acl_id": "acl-947739f0",
                            "default_route_table_id": "rtb-f0fcdd94",
                            "default_security_group_id": "sg-8ae277ec",
                            "dhcp_options_id": "dopt-bcf914d8",
                            "enable_classiclink": "false",
                            "enable_dns_hostnames": "true",
                            "enable_dns_support": "true",
                            "id": "vpc-2cabda48",
                            "instance_tenancy": "default",
                            "main_route_table_id": "rtb-f0fcdd94",
                            "tags.%": "4",
                            "tags.Name": "route53-default-vpc",
                            "tags.account_name": "jive-infra-pipeline",
                            "tags.jive_service": "infrastructure",
                            "tags.region": "us-west-2"
                        },
                        "meta": {
                            "schema_version": "1"
                        },
                        "tainted": false
                    },
                    "deposed": [],
                    "provider": ""
                },
                "data.aws_iam_policy_document.rundeck_policy": {
                    "type": "aws_iam_policy_document",
                    "depends_on": [],
                    "primary": {
                        "id": "2751364834",
                        "attributes": {
                            "id": "2751364834",
                            "json": "{\n  \"Version\": \"2012-10-17\",\n  \"Statement\": [\n    {\n      \"Sid\": \"GraffitiMonkey\",\n      \"Effect\": \"Allow\",\n      \"Action\": [\n        \"s3:PutObject\",\n        \"s3:PutBucketTagging\",\n        \"s3:ListBucket\",\n        \"s3:GetObject\",\n        \"s3:GetBucketTagging\",\n        \"route53domains:UpdateTagsForDomain\",\n        \"route53domains:ListTagsForDomain\",\n        \"route53domains:DeleteTagsForDomain\",\n        \"route53:ListTagsForResources\",\n        \"route53:ListTagsForResource\",\n        \"route53:ChangeTagsForResource\",\n        \"redshift:DescribeTags\",\n        \"redshift:DeleteTags\",\n        \"redshift:CreateTags\",\n        \"rds:ListTagsForResource\",\n        \"rds:AddTagsToResource\",\n        \"kinesis:RemoveTagsFromStream\",\n        \"kinesis:ListTagsForStream\",\n        \"kinesis:AddTagsToStream\",\n        \"es:RemoveTags\",\n        \"es:ListTags\",\n        \"es:AddTags\",\n        \"elasticloadbalancing:RemoveTags\",\n        \"elasticloadbalancing:DescribeTags\",\n        \"elasticloadbalancing:AddTags\",\n        \"elasticache:RemoveTagsFromResource\",\n        \"elasticache:ListTagsForResource\",\n        \"elasticache:AddTagsToResource\",\n        \"ec2:ResourceTag\",\n        \"ec2:DescribeTags\",\n        \"ec2:DeleteTags\",\n        \"ec2:CreateTags\",\n        \"cloudtrail:RemoveTags\",\n        \"cloudtrail:ListTags\",\n        \"cloudtrail:AddTags\",\n        \"autoscaling:DescribeTags\",\n        \"autoscaling:DeleteTags\",\n        \"autoscaling:CreateOrUpdateTags\"\n      ],\n      \"Resource\": \"*\"\n    },\n    {\n      \"Sid\": \"RundeckPremergeJobs\",\n      \"Effect\": \"Allow\",\n      \"Action\": [\n        \"iam:RemoveRoleFromInstanceProfile\",\n        \"iam:PutRolePolicy\",\n        \"iam:PassRole\",\n        \"iam:ListInstanceProfilesForRole\",\n        \"iam:GetRolePolicy\",\n        \"iam:GetRole\",\n        \"iam:GetInstanceProfile\",\n        \"iam:DeleteRolePolicy\",\n        \"iam:DeleteRole\",\n        \"iam:DeleteInstanceProfile\",\n        \"iam:CreateRole\",\n        \"iam:CreateInstanceProfile\",\n        \"iam:AddRoleToInstanceProfile\",\n        \"elasticloadbalancing:ModifyLoadBalancerAttributes\",\n        \"elasticloadbalancing:DescribeLoadBalancers\",\n        \"elasticloadbalancing:DescribeLoadBalancerAttributes\",\n        \"elasticloadbalancing:DeleteLoadBalancer\",\n        \"elasticloadbalancing:CreateLoadBalancerListeners\",\n        \"elasticloadbalancing:CreateLoadBalancer\",\n        \"elasticloadbalancing:ConfigureHealthCheck\",\n        \"elasticloadbalancing:AttachLoadBalancerToSubnets\",\n        \"elasticloadbalancing:ApplySecurityGroupsToLoadBalancer\",\n        \"ec2:UnassignPrivateIpAddresses\",\n        \"ec2:TerminateInstances\",\n        \"ec2:StopInstances\",\n        \"ec2:StartInstances\",\n        \"ec2:RunInstances\",\n        \"ec2:RevokeSecurityGroupIngress\",\n        \"ec2:RevokeSecurityGroupEgress\",\n        \"ec2:ReleaseAddress\",\n        \"ec2:ModifyNetworkInterfaceAttribute\",\n        \"ec2:DisassociateAddress\",\n        \"ec2:DetachVolume\",\n        \"ec2:DetachNetworkInterface\",\n        \"ec2:DescribeAddresses\",\n        \"ec2:DeleteVolume\",\n        \"ec2:DeleteSnapshot\",\n        \"ec2:DeleteSecurityGroup\",\n        \"ec2:DeleteNetworkInterface\",\n        \"ec2:CreateVolume\",\n        \"ec2:CreateSnapshot\",\n        \"ec2:CreateSecurityGroup\",\n        \"ec2:CreateNetworkInterface\",\n        \"ec2:AuthorizeSecurityGroupIngress\",\n        \"ec2:AuthorizeSecurityGroupEgress\",\n        \"ec2:AttachNetworkInterface\",\n        \"ec2:AssociateAddress\",\n        \"ec2:AssignPrivateIpAddresses\",\n        \"ec2:AllocateAddress\",\n        \"autoscaling:UpdateAutoScalingGroup\",\n        \"autoscaling:DescribeLaunchConfigurations\",\n        \"autoscaling:DescribeAutoScalingGroups\",\n        \"autoscaling:DeleteLaunchConfiguration\",\n        \"autoscaling:DeleteAutoScalingGroup\",\n        \"autoscaling:CreateLaunchConfiguration\",\n        \"autoscaling:CreateAutoScalingGroup\"\n      ],\n      \"Resource\": \"*\"\n    }\n  ]\n}",
                            "statement.#": "2",
                            "statement.0.actions.#": "38",
                            "statement.0.actions.1016103075": "elasticache:RemoveTagsFromResource",
                            "statement.0.actions.1249386562": "ec2:DeleteTags",
                            "statement.0.actions.125882778": "kinesis:ListTagsForStream",
                            "statement.0.actions.1274389567": "redshift:CreateTags",
                            "statement.0.actions.1327013149": "cloudtrail:AddTags",
                            "statement.0.actions.1351595222": "cloudtrail:RemoveTags",
                            "statement.0.actions.1397161809": "es:AddTags",
                            "statement.0.actions.1714103383": "rds:ListTagsForResource",
                            "statement.0.actions.1953718540": "route53domains:UpdateTagsForDomain",
                            "statement.0.actions.1994194877": "elasticache:AddTagsToResource",
                            "statement.0.actions.2071725391": "s3:GetObject",
                            "statement.0.actions.2396526577": "ec2:CreateTags",
                            "statement.0.actions.2404750220": "redshift:DeleteTags",
                            "statement.0.actions.2549621009": "route53:ListTagsForResource",
                            "statement.0.actions.2700771734": "cloudtrail:ListTags",
                            "statement.0.actions.2718235961": "rds:AddTagsToResource",
                            "statement.0.actions.3091451420": "route53domains:DeleteTagsForDomain",
                            "statement.0.actions.3104471099": "elasticloadbalancing:AddTags",
                            "statement.0.actions.315547055": "s3:PutObject",
                            "statement.0.actions.3170882766": "kinesis:RemoveTagsFromStream",
                            "statement.0.actions.3170891923": "elasticloadbalancing:RemoveTags",
                            "statement.0.actions.3330865945": "s3:GetBucketTagging",
                            "statement.0.actions.3435308041": "elasticloadbalancing:DescribeTags",
                            "statement.0.actions.3444299668": "autoscaling:CreateOrUpdateTags",
                            "statement.0.actions.3620392172": "elasticache:ListTagsForResource",
                            "statement.0.actions.3701464416": "autoscaling:DescribeTags",
                            "statement.0.actions.3750548047": "es:ListTags",
                            "statement.0.actions.3758663464": "autoscaling:DeleteTags",
                            "statement.0.actions.3856797397": "route53domains:ListTagsForDomain",
                            "statement.0.actions.392962225": "s3:PutBucketTagging",
                            "statement.0.actions.4061640120": "es:RemoveTags",
                            "statement.0.actions.4191071465": "route53:ChangeTagsForResource",
                            "statement.0.actions.486976917": "s3:ListBucket",
                            "statement.0.actions.810672830": "ec2:DescribeTags",
                            "statement.0.actions.831396727": "route53:ListTagsForResources",
                            "statement.0.actions.841041872": "ec2:ResourceTag",
                            "statement.0.actions.926957413": "redshift:DescribeTags",
                            "statement.0.actions.938252770": "kinesis:AddTagsToStream",
                            "statement.0.condition.#": "0",
                            "statement.0.effect": "Allow",
                            "statement.0.not_actions.#": "0",
                            "statement.0.not_principals.#": "0",
                            "statement.0.not_resources.#": "0",
                            "statement.0.principals.#": "0",
                            "statement.0.resources.#": "1",
                            "statement.0.resources.2679715827": "*",
                            "statement.0.sid": "GraffitiMonkey",
                            "statement.1.actions.#": "56",
                            "statement.1.actions.111505067": "autoscaling:CreateAutoScalingGroup",
                            "statement.1.actions.114403800": "elasticloadbalancing:CreateLoadBalancerListeners",
                            "statement.1.actions.1224205237": "autoscaling:DeleteAutoScalingGroup",
                            "statement.1.actions.1274732150": "autoscaling:DescribeAutoScalingGroups",
                            "statement.1.actions.1335146728": "iam:ListInstanceProfilesForRole",
                            "statement.1.actions.13746420": "iam:RemoveRoleFromInstanceProfile",
                            "statement.1.actions.1462886733": "iam:PutRolePolicy",
                            "statement.1.actions.1536675971": "autoscaling:UpdateAutoScalingGroup",
                            "statement.1.actions.1674429599": "iam:GetRole",
                            "statement.1.actions.1765044567": "ec2:TerminateInstances",
                            "statement.1.actions.1874503478": "ec2:RunInstances",
                            "statement.1.actions.1955494773": "iam:CreateInstanceProfile",
                            "statement.1.actions.2009174805": "elasticloadbalancing:DescribeLoadBalancers",
                            "statement.1.actions.2012428502": "ec2:DeleteNetworkInterface",
                            "statement.1.actions.2079015001": "iam:CreateRole",
                            "statement.1.actions.2173313328": "iam:AddRoleToInstanceProfile",
                            "statement.1.actions.2249486182": "ec2:RevokeSecurityGroupIngress",
                            "statement.1.actions.2254860184": "ec2:DeleteVolume",
                            "statement.1.actions.235573035": "ec2:DescribeAddresses",
                            "statement.1.actions.2362041738": "iam:GetInstanceProfile",
                            "statement.1.actions.2464853358": "ec2:AuthorizeSecurityGroupIngress",
                            "statement.1.actions.2555065653": "autoscaling:DescribeLaunchConfigurations",
                            "statement.1.actions.2629048593": "elasticloadbalancing:ModifyLoadBalancerAttributes",
                            "statement.1.actions.2680174281": "ec2:ReleaseAddress",
                            "statement.1.actions.2690652734": "iam:DeleteRolePolicy",
                            "statement.1.actions.2734623666": "ec2:AssignPrivateIpAddresses",
                            "statement.1.actions.2820936563": "ec2:StartInstances",
                            "statement.1.actions.2876182729": "autoscaling:DeleteLaunchConfiguration",
                            "statement.1.actions.3063892003": "autoscaling:CreateLaunchConfiguration",
                            "statement.1.actions.3182173829": "ec2:ModifyNetworkInterfaceAttribute",
                            "statement.1.actions.3209394154": "iam:DeleteRole",
                            "statement.1.actions.3357331461": "ec2:DetachVolume",
                            "statement.1.actions.3381669024": "ec2:DisassociateAddress",
                            "statement.1.actions.3488874610": "elasticloadbalancing:CreateLoadBalancer",
                            "statement.1.actions.3531923417": "ec2:AuthorizeSecurityGroupEgress",
                            "statement.1.actions.3627012729": "ec2:AttachNetworkInterface",
                            "statement.1.actions.3762934075": "iam:GetRolePolicy",
                            "statement.1.actions.3880524826": "ec2:StopInstances",
                            "statement.1.actions.3938318613": "elasticloadbalancing:ConfigureHealthCheck",
                            "statement.1.actions.4046713676": "ec2:CreateVolume",
                            "statement.1.actions.4097283626": "ec2:AllocateAddress",
                            "statement.1.actions.4108949193": "elasticloadbalancing:DescribeLoadBalancerAttributes",
                            "statement.1.actions.4122399225": "ec2:AssociateAddress",
                            "statement.1.actions.4259297215": "ec2:DetachNetworkInterface",
                            "statement.1.actions.4290778399": "elasticloadbalancing:DeleteLoadBalancer",
                            "statement.1.actions.432460084": "elasticloadbalancing:ApplySecurityGroupsToLoadBalancer",
                            "statement.1.actions.506116069": "ec2:CreateSecurityGroup",
                            "statement.1.actions.547565215": "elasticloadbalancing:AttachLoadBalancerToSubnets",
                            "statement.1.actions.578826647": "iam:DeleteInstanceProfile",
                            "statement.1.actions.646648939": "iam:PassRole",
                            "statement.1.actions.756653589": "ec2:DeleteSecurityGroup",
                            "statement.1.actions.756717765": "ec2:RevokeSecurityGroupEgress",
                            "statement.1.actions.775716708": "ec2:DeleteSnapshot",
                            "statement.1.actions.8306733": "ec2:UnassignPrivateIpAddresses",
                            "statement.1.actions.852612933": "ec2:CreateSnapshot",
                            "statement.1.actions.966899144": "ec2:CreateNetworkInterface",
                            "statement.1.condition.#": "0",
                            "statement.1.effect": "Allow",
                            "statement.1.not_actions.#": "0",
                            "statement.1.not_principals.#": "0",
                            "statement.1.not_resources.#": "0",
                            "statement.1.principals.#": "0",
                            "statement.1.resources.#": "1",
                            "statement.1.resources.2679715827": "*",
                            "statement.1.sid": "RundeckPremergeJobs"
                        },
                        "meta": {},
                        "tainted": false
                    },
                    "deposed": [],
                    "provider": ""
                },
                "data.template_file.datadog_cloudtrail_ro": {
                    "type": "template_file",
                    "depends_on": [
                        "aws_s3_bucket.cloudtrail"
                    ],
                    "primary": {
                        "id": "7efb6ee335ad6c5fb182fa2318256a4dfe79bcdfcf07ccb5284f9a5ecd3d7923",
                        "attributes": {
                            "id": "7efb6ee335ad6c5fb182fa2318256a4dfe79bcdfcf07ccb5284f9a5ecd3d7923",
                            "rendered": "{\n  \"Version\": \"2012-10-17\",\n  \"Statement\": [\n    {\n      \"Action\": [\n        \"s3:ListBucket\",\n        \"s3:GetBucketLocation\",\n        \"s3:GetObject\"\n      ],\n      \"Effect\": \"Allow\",\n      \"Resource\": [\n        \"arn:aws:s3:::jive-cloudtrail-jive-infra-pipeline-usw2\",\n        \"arn:aws:s3:::jive-cloudtrail-jive-infra-pipeline-usw2/*\"\n      ]\n    }\n  ]\n}\n",
                            "template": "{\n  \"Version\": \"2012-10-17\",\n  \"Statement\": [\n    {\n      \"Action\": [\n        \"s3:ListBucket\",\n        \"s3:GetBucketLocation\",\n        \"s3:GetObject\"\n      ],\n      \"Effect\": \"Allow\",\n      \"Resource\": [\n        \"${cloudtrail_bucket_arn}\",\n        \"${cloudtrail_bucket_arn}/*\"\n      ]\n    }\n  ]\n}\n",
                            "vars.%": "1",
                            "vars.cloudtrail_bucket_arn": "arn:aws:s3:::jive-cloudtrail-jive-infra-pipeline-usw2"
                        },
                        "meta": {},
                        "tainted": false
                    },
                    "deposed": [],
                    "provider": ""
                },
                "data.template_file.okta-assumerole": {
                    "type": "template_file",
                    "depends_on": [
                        "aws_iam_saml_provider.default"
                    ],
                    "primary": {
                        "id": "d1ded39a898250a99977dd60764e8c02027c1dcf9b1678377419fdde1ab81f27",
                        "attributes": {
                            "id": "d1ded39a898250a99977dd60764e8c02027c1dcf9b1678377419fdde1ab81f27",
                            "rendered": "{\n  \"Version\": \"2012-10-17\",\n  \"Statement\": [\n    {\n      \"Effect\": \"Allow\",\n      \"Principal\": {\n        \"Federated\": \"arn:aws:iam::517449413234:saml-provider/okta\"\n      },\n      \"Action\": \"sts:AssumeRoleWithSAML\",\n      \"Condition\": {\n        \"StringEquals\": {\n          \"SAML:aud\": \"https://signin.aws.amazon.com/saml\"\n        }\n      }\n    }\n  ]\n}\n",
                            "template": "{\n  \"Version\": \"2012-10-17\",\n  \"Statement\": [\n    {\n      \"Effect\": \"Allow\",\n      \"Principal\": {\n        \"Federated\": \"${saml_provider_arn}\"\n      },\n      \"Action\": \"sts:AssumeRoleWithSAML\",\n      \"Condition\": {\n        \"StringEquals\": {\n          \"SAML:aud\": \"https://signin.aws.amazon.com/saml\"\n        }\n      }\n    }\n  ]\n}\n",
                            "vars.%": "1",
                            "vars.saml_provider_arn": "arn:aws:iam::517449413234:saml-provider/okta"
                        },
                        "meta": {},
                        "tainted": false
                    },
                    "deposed": [],
                    "provider": ""
                },
                "data.template_file.route53_policy": {
                    "type": "template_file",
                    "depends_on": [
                        "aws_route53_zone.services"
                    ],
                    "primary": {
                        "id": "8155cf981381403a6d53fe4c6533a5a60b096710e1762b6e8d73d569fa3d4705",
                        "attributes": {
                            "id": "8155cf981381403a6d53fe4c6533a5a60b096710e1762b6e8d73d569fa3d4705",
                            "rendered": "{\n   \"Version\": \"2012-10-17\",\n   \"Statement\":[\n      {\n         \"Effect\":\"Allow\",\n         \"Action\":[\"route53:ChangeResourceRecordSets\"],\n         \"Resource\":[\"arn:aws:route53:::hostedzone/Z1DVQ4TJ05VQXR\"]\n      },\n      {\n         \"Effect\":\"Allow\",\n         \"Action\":[\"route53:GetChange\"],\n         \"Resource\":\"arn:aws:route53:::change/*\"\n      },\n      {\n          \"Effect\": \"Allow\",\n          \"Action\": \"route53:ListHostedZonesByName\",\n          \"Resource\": \"*\"\n      }]\n}\n",
                            "template": "{\n   \"Version\": \"2012-10-17\",\n   \"Statement\":[\n      {\n         \"Effect\":\"Allow\",\n         \"Action\":[\"route53:ChangeResourceRecordSets\"],\n         \"Resource\":[\"arn:aws:route53:::hostedzone/Z1DVQ4TJ05VQXR\"]\n      },\n      {\n         \"Effect\":\"Allow\",\n         \"Action\":[\"route53:GetChange\"],\n         \"Resource\":\"arn:aws:route53:::change/*\"\n      },\n      {\n          \"Effect\": \"Allow\",\n          \"Action\": \"route53:ListHostedZonesByName\",\n          \"Resource\": \"*\"\n      }]\n}\n"
                        },
                        "meta": {},
                        "tainted": false
                    },
                    "deposed": [],
                    "provider": ""
                }
            },
            "depends_on": []
        }
    ]
}
