{
    "version": 3,
    "terraform_version": "0.9.4",
    "serial": 5,
    "lineage": "6fb3cd85-0b17-4e13-b130-0e151e2e8bf1",
    "modules": [
        {
            "path": [
                "root"
            ],
            "outputs": {},
            "resources": {
                "aws_eip.natgw.0": {
                    "type": "aws_eip",
                    "depends_on": [],
                    "primary": {
                        "id": "eipalloc-eb05f8d8",
                        "attributes": {
                            "association_id": "eipassoc-ac6d789e",
                            "domain": "vpc",
                            "id": "eipalloc-eb05f8d8",
                            "instance": "",
                            "network_interface": "eni-2bca7e3c",
                            "private_ip": "10.125.138.126",
                            "public_ip": "34.230.125.39",
                            "vpc": "true"
                        },
                        "meta": {},
                        "tainted": false
                    },
                    "deposed": [],
                    "provider": ""
                },
                "aws_eip.natgw.1": {
                    "type": "aws_eip",
                    "depends_on": [],
                    "primary": {
                        "id": "eipalloc-010ef332",
                        "attributes": {
                            "association_id": "eipassoc-846e7bb6",
                            "domain": "vpc",
                            "id": "eipalloc-010ef332",
                            "instance": "",
                            "network_interface": "eni-c571396a",
                            "private_ip": "10.125.138.181",
                            "public_ip": "52.4.1.110",
                            "vpc": "true"
                        },
                        "meta": {},
                        "tainted": false
                    },
                    "deposed": [],
                    "provider": ""
                },
                "aws_eip.natgw.2": {
                    "type": "aws_eip",
                    "depends_on": [],
                    "primary": {
                        "id": "eipalloc-710bf642",
                        "attributes": {
                            "association_id": "eipassoc-016f7a33",
                            "domain": "vpc",
                            "id": "eipalloc-710bf642",
                            "instance": "",
                            "network_interface": "eni-770ef1a5",
                            "private_ip": "10.125.139.114",
                            "public_ip": "34.231.91.197",
                            "vpc": "true"
                        },
                        "meta": {},
                        "tainted": false
                    },
                    "deposed": [],
                    "provider": ""
                },
                "aws_eip.natgw.3": {
                    "type": "aws_eip",
                    "depends_on": [],
                    "primary": {
                        "id": "eipalloc-2708f514",
                        "attributes": {
                            "association_id": "eipassoc-796e7b4b",
                            "domain": "vpc",
                            "id": "eipalloc-2708f514",
                            "instance": "",
                            "network_interface": "eni-0dfaf8a4",
                            "private_ip": "10.125.139.148",
                            "public_ip": "52.5.88.49",
                            "vpc": "true"
                        },
                        "meta": {},
                        "tainted": false
                    },
                    "deposed": [],
                    "provider": ""
                },
                "aws_eip.natgw.4": {
                    "type": "aws_eip",
                    "depends_on": [],
                    "primary": {
                        "id": "eipalloc-ae0bf69d",
                        "attributes": {
                            "association_id": "eipassoc-be15008c",
                            "domain": "vpc",
                            "id": "eipalloc-ae0bf69d",
                            "instance": "",
                            "network_interface": "eni-89d22389",
                            "private_ip": "10.125.140.113",
                            "public_ip": "54.85.10.240",
                            "vpc": "true"
                        },
                        "meta": {},
                        "tainted": false
                    },
                    "deposed": [],
                    "provider": ""
                },
                "aws_internet_gateway.igw": {
                    "type": "aws_internet_gateway",
                    "depends_on": [
                        "aws_vpc.main"
                    ],
                    "primary": {
                        "id": "igw-d95d08bf",
                        "attributes": {
                            "id": "igw-d95d08bf",
                            "tags.%": "5",
                            "tags.Name": "prod-igw",
                            "tags.account_name": "jive-ps-prod",
                            "tags.pipeline_phase": "prod",
                            "tags.region": "us-east-1",
                            "tags.sla": "prod",
                            "vpc_id": "vpc-7556310c"
                        },
                        "meta": {},
                        "tainted": false
                    },
                    "deposed": [],
                    "provider": ""
                },
                "aws_nat_gateway.natgw.0": {
                    "type": "aws_nat_gateway",
                    "depends_on": [
                        "aws_eip.natgw.*",
                        "aws_internet_gateway.igw",
                        "aws_subnet.public.*"
                    ],
                    "primary": {
                        "id": "nat-0b55a118fd48937c2",
                        "attributes": {
                            "allocation_id": "eipalloc-eb05f8d8",
                            "id": "nat-0b55a118fd48937c2",
                            "network_interface_id": "eni-2bca7e3c",
                            "private_ip": "10.125.138.126",
                            "public_ip": "34.230.125.39",
                            "subnet_id": "subnet-4b7f9c2f"
                        },
                        "meta": {},
                        "tainted": false
                    },
                    "deposed": [],
                    "provider": ""
                },
                "aws_nat_gateway.natgw.1": {
                    "type": "aws_nat_gateway",
                    "depends_on": [
                        "aws_eip.natgw.*",
                        "aws_internet_gateway.igw",
                        "aws_subnet.public.*"
                    ],
                    "primary": {
                        "id": "nat-0b0ca02e4cbb82ec3",
                        "attributes": {
                            "allocation_id": "eipalloc-010ef332",
                            "id": "nat-0b0ca02e4cbb82ec3",
                            "network_interface_id": "eni-c571396a",
                            "private_ip": "10.125.138.181",
                            "public_ip": "52.4.1.110",
                            "subnet_id": "subnet-5fb12d73"
                        },
                        "meta": {},
                        "tainted": false
                    },
                    "deposed": [],
                    "provider": ""
                },
                "aws_nat_gateway.natgw.2": {
                    "type": "aws_nat_gateway",
                    "depends_on": [
                        "aws_eip.natgw.*",
                        "aws_internet_gateway.igw",
                        "aws_subnet.public.*"
                    ],
                    "primary": {
                        "id": "nat-0d57c338cc0052a2b",
                        "attributes": {
                            "allocation_id": "eipalloc-710bf642",
                            "id": "nat-0d57c338cc0052a2b",
                            "network_interface_id": "eni-770ef1a5",
                            "private_ip": "10.125.139.114",
                            "public_ip": "34.231.91.197",
                            "subnet_id": "subnet-7980d731"
                        },
                        "meta": {},
                        "tainted": false
                    },
                    "deposed": [],
                    "provider": ""
                },
                "aws_nat_gateway.natgw.3": {
                    "type": "aws_nat_gateway",
                    "depends_on": [
                        "aws_eip.natgw.*",
                        "aws_internet_gateway.igw",
                        "aws_subnet.public.*"
                    ],
                    "primary": {
                        "id": "nat-0244cee4bcdf839bf",
                        "attributes": {
                            "allocation_id": "eipalloc-2708f514",
                            "id": "nat-0244cee4bcdf839bf",
                            "network_interface_id": "eni-0dfaf8a4",
                            "private_ip": "10.125.139.148",
                            "public_ip": "52.5.88.49",
                            "subnet_id": "subnet-917febcb"
                        },
                        "meta": {},
                        "tainted": false
                    },
                    "deposed": [],
                    "provider": ""
                },
                "aws_nat_gateway.natgw.4": {
                    "type": "aws_nat_gateway",
                    "depends_on": [
                        "aws_eip.natgw.*",
                        "aws_internet_gateway.igw",
                        "aws_subnet.public.*"
                    ],
                    "primary": {
                        "id": "nat-04ff080551597bf1c",
                        "attributes": {
                            "allocation_id": "eipalloc-ae0bf69d",
                            "id": "nat-04ff080551597bf1c",
                            "network_interface_id": "eni-89d22389",
                            "private_ip": "10.125.140.113",
                            "public_ip": "54.85.10.240",
                            "subnet_id": "subnet-60c5c85c"
                        },
                        "meta": {},
                        "tainted": false
                    },
                    "deposed": [],
                    "provider": ""
                },
                "aws_route.bastion_natdc.0": {
                    "type": "aws_route",
                    "depends_on": [
                        "aws_route_table.natdc.*",
                        "aws_vpc_peering_connection.infra"
                    ],
                    "primary": {
                        "id": "r-rtb-eccefa942901700788",
                        "attributes": {
                            "destination_cidr_block": "10.127.62.7/32",
                            "destination_prefix_list_id": "",
                            "egress_only_gateway_id": "",
                            "gateway_id": "",
                            "id": "r-rtb-eccefa942901700788",
                            "instance_id": "",
                            "instance_owner_id": "",
                            "nat_gateway_id": "",
                            "network_interface_id": "",
                            "origin": "CreateRoute",
                            "route_table_id": "rtb-eccefa94",
                            "state": "active",
                            "vpc_peering_connection_id": "pcx-987407f1"
                        },
                        "meta": {},
                        "tainted": false
                    },
                    "deposed": [],
                    "provider": ""
                },
                "aws_route.bastion_natdc.1": {
                    "type": "aws_route",
                    "depends_on": [
                        "aws_route_table.natdc.*",
                        "aws_vpc_peering_connection.infra"
                    ],
                    "primary": {
                        "id": "r-rtb-b3dbefcb2901700788",
                        "attributes": {
                            "destination_cidr_block": "10.127.62.7/32",
                            "destination_prefix_list_id": "",
                            "egress_only_gateway_id": "",
                            "gateway_id": "",
                            "id": "r-rtb-b3dbefcb2901700788",
                            "instance_id": "",
                            "instance_owner_id": "",
                            "nat_gateway_id": "",
                            "network_interface_id": "",
                            "origin": "CreateRoute",
                            "route_table_id": "rtb-b3dbefcb",
                            "state": "active",
                            "vpc_peering_connection_id": "pcx-987407f1"
                        },
                        "meta": {},
                        "tainted": false
                    },
                    "deposed": [],
                    "provider": ""
                },
                "aws_route.bastion_natdc.2": {
                    "type": "aws_route",
                    "depends_on": [
                        "aws_route_table.natdc.*",
                        "aws_vpc_peering_connection.infra"
                    ],
                    "primary": {
                        "id": "r-rtb-c0c5f1b82901700788",
                        "attributes": {
                            "destination_cidr_block": "10.127.62.7/32",
                            "destination_prefix_list_id": "",
                            "egress_only_gateway_id": "",
                            "gateway_id": "",
                            "id": "r-rtb-c0c5f1b82901700788",
                            "instance_id": "",
                            "instance_owner_id": "",
                            "nat_gateway_id": "",
                            "network_interface_id": "",
                            "origin": "CreateRoute",
                            "route_table_id": "rtb-c0c5f1b8",
                            "state": "active",
                            "vpc_peering_connection_id": "pcx-987407f1"
                        },
                        "meta": {},
                        "tainted": false
                    },
                    "deposed": [],
                    "provider": ""
                },
                "aws_route.bastion_natdc.3": {
                    "type": "aws_route",
                    "depends_on": [
                        "aws_route_table.natdc.*",
                        "aws_vpc_peering_connection.infra"
                    ],
                    "primary": {
                        "id": "r-rtb-13cdf96b2901700788",
                        "attributes": {
                            "destination_cidr_block": "10.127.62.7/32",
                            "destination_prefix_list_id": "",
                            "egress_only_gateway_id": "",
                            "gateway_id": "",
                            "id": "r-rtb-13cdf96b2901700788",
                            "instance_id": "",
                            "instance_owner_id": "",
                            "nat_gateway_id": "",
                            "network_interface_id": "",
                            "origin": "CreateRoute",
                            "route_table_id": "rtb-13cdf96b",
                            "state": "active",
                            "vpc_peering_connection_id": "pcx-987407f1"
                        },
                        "meta": {},
                        "tainted": false
                    },
                    "deposed": [],
                    "provider": ""
                },
                "aws_route.bastion_natdc.4": {
                    "type": "aws_route",
                    "depends_on": [
                        "aws_route_table.natdc.*",
                        "aws_vpc_peering_connection.infra"
                    ],
                    "primary": {
                        "id": "r-rtb-33c5f14b2901700788",
                        "attributes": {
                            "destination_cidr_block": "10.127.62.7/32",
                            "destination_prefix_list_id": "",
                            "egress_only_gateway_id": "",
                            "gateway_id": "",
                            "id": "r-rtb-33c5f14b2901700788",
                            "instance_id": "",
                            "instance_owner_id": "",
                            "nat_gateway_id": "",
                            "network_interface_id": "",
                            "origin": "CreateRoute",
                            "route_table_id": "rtb-33c5f14b",
                            "state": "active",
                            "vpc_peering_connection_id": "pcx-987407f1"
                        },
                        "meta": {},
                        "tainted": false
                    },
                    "deposed": [],
                    "provider": ""
                },
                "aws_route.bastion_private": {
                    "type": "aws_route",
                    "depends_on": [
                        "aws_route_table.private",
                        "aws_vpc_peering_connection.infra"
                    ],
                    "primary": {
                        "id": "r-rtb-1ecdf9662901700788",
                        "attributes": {
                            "destination_cidr_block": "10.127.62.7/32",
                            "destination_prefix_list_id": "",
                            "egress_only_gateway_id": "",
                            "gateway_id": "",
                            "id": "r-rtb-1ecdf9662901700788",
                            "instance_id": "",
                            "instance_owner_id": "",
                            "nat_gateway_id": "",
                            "network_interface_id": "",
                            "origin": "CreateRoute",
                            "route_table_id": "rtb-1ecdf966",
                            "state": "active",
                            "vpc_peering_connection_id": "pcx-987407f1"
                        },
                        "meta": {},
                        "tainted": false
                    },
                    "deposed": [],
                    "provider": ""
                },
                "aws_route.bastion_public": {
                    "type": "aws_route",
                    "depends_on": [
                        "aws_route_table.public",
                        "aws_vpc_peering_connection.infra"
                    ],
                    "primary": {
                        "id": "r-rtb-5bc4f0232901700788",
                        "attributes": {
                            "destination_cidr_block": "10.127.62.7/32",
                            "destination_prefix_list_id": "",
                            "egress_only_gateway_id": "",
                            "gateway_id": "",
                            "id": "r-rtb-5bc4f0232901700788",
                            "instance_id": "",
                            "instance_owner_id": "",
                            "nat_gateway_id": "",
                            "network_interface_id": "",
                            "origin": "CreateRoute",
                            "route_table_id": "rtb-5bc4f023",
                            "state": "active",
                            "vpc_peering_connection_id": "pcx-987407f1"
                        },
                        "meta": {},
                        "tainted": false
                    },
                    "deposed": [],
                    "provider": ""
                },
                "aws_route.infra_natdc.0": {
                    "type": "aws_route",
                    "depends_on": [
                        "aws_vpc_peering_connection.infra"
                    ],
                    "primary": {
                        "id": "r-rtb-0e2d07762473757768",
                        "attributes": {
                            "destination_cidr_block": "10.125.128.0/20",
                            "destination_prefix_list_id": "",
                            "egress_only_gateway_id": "",
                            "gateway_id": "",
                            "id": "r-rtb-0e2d07762473757768",
                            "instance_id": "",
                            "instance_owner_id": "",
                            "nat_gateway_id": "",
                            "network_interface_id": "",
                            "origin": "CreateRoute",
                            "route_table_id": "rtb-0e2d0776",
                            "state": "active",
                            "vpc_peering_connection_id": "pcx-987407f1"
                        },
                        "meta": {},
                        "tainted": false
                    },
                    "deposed": [],
                    "provider": ""
                },
                "aws_route.infra_natdc.1": {
                    "type": "aws_route",
                    "depends_on": [
                        "aws_vpc_peering_connection.infra"
                    ],
                    "primary": {
                        "id": "r-rtb-a62d07de2473757768",
                        "attributes": {
                            "destination_cidr_block": "10.125.128.0/20",
                            "destination_prefix_list_id": "",
                            "egress_only_gateway_id": "",
                            "gateway_id": "",
                            "id": "r-rtb-a62d07de2473757768",
                            "instance_id": "",
                            "instance_owner_id": "",
                            "nat_gateway_id": "",
                            "network_interface_id": "",
                            "origin": "CreateRoute",
                            "route_table_id": "rtb-a62d07de",
                            "state": "active",
                            "vpc_peering_connection_id": "pcx-987407f1"
                        },
                        "meta": {},
                        "tainted": false
                    },
                    "deposed": [],
                    "provider": ""
                },
                "aws_route.infra_natdc.2": {
                    "type": "aws_route",
                    "depends_on": [
                        "aws_vpc_peering_connection.infra"
                    ],
                    "primary": {
                        "id": "r-rtb-22577d5a2473757768",
                        "attributes": {
                            "destination_cidr_block": "10.125.128.0/20",
                            "destination_prefix_list_id": "",
                            "egress_only_gateway_id": "",
                            "gateway_id": "",
                            "id": "r-rtb-22577d5a2473757768",
                            "instance_id": "",
                            "instance_owner_id": "",
                            "nat_gateway_id": "",
                            "network_interface_id": "",
                            "origin": "CreateRoute",
                            "route_table_id": "rtb-22577d5a",
                            "state": "active",
                            "vpc_peering_connection_id": "pcx-987407f1"
                        },
                        "meta": {},
                        "tainted": false
                    },
                    "deposed": [],
                    "provider": ""
                },
                "aws_route.infra_natdc.3": {
                    "type": "aws_route",
                    "depends_on": [
                        "aws_vpc_peering_connection.infra"
                    ],
                    "primary": {
                        "id": "r-rtb-3e210b462473757768",
                        "attributes": {
                            "destination_cidr_block": "10.125.128.0/20",
                            "destination_prefix_list_id": "",
                            "egress_only_gateway_id": "",
                            "gateway_id": "",
                            "id": "r-rtb-3e210b462473757768",
                            "instance_id": "",
                            "instance_owner_id": "",
                            "nat_gateway_id": "",
                            "network_interface_id": "",
                            "origin": "CreateRoute",
                            "route_table_id": "rtb-3e210b46",
                            "state": "active",
                            "vpc_peering_connection_id": "pcx-987407f1"
                        },
                        "meta": {},
                        "tainted": false
                    },
                    "deposed": [],
                    "provider": ""
                },
                "aws_route.infra_natdc.4": {
                    "type": "aws_route",
                    "depends_on": [
                        "aws_vpc_peering_connection.infra"
                    ],
                    "primary": {
                        "id": "r-rtb-04200a7c2473757768",
                        "attributes": {
                            "destination_cidr_block": "10.125.128.0/20",
                            "destination_prefix_list_id": "",
                            "egress_only_gateway_id": "",
                            "gateway_id": "",
                            "id": "r-rtb-04200a7c2473757768",
                            "instance_id": "",
                            "instance_owner_id": "",
                            "nat_gateway_id": "",
                            "network_interface_id": "",
                            "origin": "CreateRoute",
                            "route_table_id": "rtb-04200a7c",
                            "state": "active",
                            "vpc_peering_connection_id": "pcx-987407f1"
                        },
                        "meta": {},
                        "tainted": false
                    },
                    "deposed": [],
                    "provider": ""
                },
                "aws_route.infra_private": {
                    "type": "aws_route",
                    "depends_on": [
                        "aws_vpc_peering_connection.infra"
                    ],
                    "primary": {
                        "id": "r-rtb-142d076c2473757768",
                        "attributes": {
                            "destination_cidr_block": "10.125.128.0/20",
                            "destination_prefix_list_id": "",
                            "egress_only_gateway_id": "",
                            "gateway_id": "",
                            "id": "r-rtb-142d076c2473757768",
                            "instance_id": "",
                            "instance_owner_id": "",
                            "nat_gateway_id": "",
                            "network_interface_id": "",
                            "origin": "CreateRoute",
                            "route_table_id": "rtb-142d076c",
                            "state": "active",
                            "vpc_peering_connection_id": "pcx-987407f1"
                        },
                        "meta": {},
                        "tainted": false
                    },
                    "deposed": [],
                    "provider": ""
                },
                "aws_route.infra_public": {
                    "type": "aws_route",
                    "depends_on": [
                        "aws_vpc_peering_connection.infra"
                    ],
                    "primary": {
                        "id": "r-rtb-c12309b92473757768",
                        "attributes": {
                            "destination_cidr_block": "10.125.128.0/20",
                            "destination_prefix_list_id": "",
                            "egress_only_gateway_id": "",
                            "gateway_id": "",
                            "id": "r-rtb-c12309b92473757768",
                            "instance_id": "",
                            "instance_owner_id": "",
                            "nat_gateway_id": "",
                            "network_interface_id": "",
                            "origin": "CreateRoute",
                            "route_table_id": "rtb-c12309b9",
                            "state": "active",
                            "vpc_peering_connection_id": "pcx-987407f1"
                        },
                        "meta": {},
                        "tainted": false
                    },
                    "deposed": [],
                    "provider": ""
                },
                "aws_route53_zone_association.route53": {
                    "type": "aws_route53_zone_association",
                    "depends_on": [
                        "aws_vpc.main"
                    ],
                    "primary": {
                        "id": "Z2IC7CCTBC9E6B:vpc-7556310c",
                        "attributes": {
                            "id": "Z2IC7CCTBC9E6B:vpc-7556310c",
                            "vpc_id": "vpc-7556310c",
                            "vpc_region": "us-east-1",
                            "zone_id": "Z2IC7CCTBC9E6B"
                        },
                        "meta": {},
                        "tainted": false
                    },
                    "deposed": [],
                    "provider": ""
                },
                "aws_route_table.natdc.0": {
                    "type": "aws_route_table",
                    "depends_on": [
                        "aws_nat_gateway.natgw.*",
                        "aws_vpc.main",
                        "aws_vpn_gateway.vgw"
                    ],
                    "primary": {
                        "id": "rtb-eccefa94",
                        "attributes": {
                            "id": "rtb-eccefa94",
                            "propagating_vgws.#": "1",
                            "propagating_vgws.3416213490": "vgw-4e816a27",
                            "route.#": "2",
                            "route.1765689861.cidr_block": "10.127.62.7/32",
                            "route.1765689861.egress_only_gateway_id": "",
                            "route.1765689861.gateway_id": "",
                            "route.1765689861.instance_id": "",
                            "route.1765689861.ipv6_cidr_block": "",
                            "route.1765689861.nat_gateway_id": "",
                            "route.1765689861.network_interface_id": "",
                            "route.1765689861.vpc_peering_connection_id": "pcx-987407f1",
                            "route.210991757.cidr_block": "0.0.0.0/0",
                            "route.210991757.egress_only_gateway_id": "",
                            "route.210991757.gateway_id": "",
                            "route.210991757.instance_id": "",
                            "route.210991757.ipv6_cidr_block": "",
                            "route.210991757.nat_gateway_id": "nat-0b55a118fd48937c2",
                            "route.210991757.network_interface_id": "",
                            "route.210991757.vpc_peering_connection_id": "",
                            "tags.%": "5",
                            "tags.Name": "prod-natdc-routetable",
                            "tags.account_name": "jive-ps-prod",
                            "tags.pipeline_phase": "prod",
                            "tags.region": "us-east-1",
                            "tags.sla": "prod",
                            "vpc_id": "vpc-7556310c"
                        },
                        "meta": {},
                        "tainted": false
                    },
                    "deposed": [],
                    "provider": ""
                },
                "aws_route_table.natdc.1": {
                    "type": "aws_route_table",
                    "depends_on": [
                        "aws_nat_gateway.natgw.*",
                        "aws_vpc.main",
                        "aws_vpn_gateway.vgw"
                    ],
                    "primary": {
                        "id": "rtb-b3dbefcb",
                        "attributes": {
                            "id": "rtb-b3dbefcb",
                            "propagating_vgws.#": "1",
                            "propagating_vgws.3416213490": "vgw-4e816a27",
                            "route.#": "2",
                            "route.1765689861.cidr_block": "10.127.62.7/32",
                            "route.1765689861.egress_only_gateway_id": "",
                            "route.1765689861.gateway_id": "",
                            "route.1765689861.instance_id": "",
                            "route.1765689861.ipv6_cidr_block": "",
                            "route.1765689861.nat_gateway_id": "",
                            "route.1765689861.network_interface_id": "",
                            "route.1765689861.vpc_peering_connection_id": "pcx-987407f1",
                            "route.3076313235.cidr_block": "0.0.0.0/0",
                            "route.3076313235.egress_only_gateway_id": "",
                            "route.3076313235.gateway_id": "",
                            "route.3076313235.instance_id": "",
                            "route.3076313235.ipv6_cidr_block": "",
                            "route.3076313235.nat_gateway_id": "nat-0b0ca02e4cbb82ec3",
                            "route.3076313235.network_interface_id": "",
                            "route.3076313235.vpc_peering_connection_id": "",
                            "tags.%": "5",
                            "tags.Name": "prod-natdc-routetable",
                            "tags.account_name": "jive-ps-prod",
                            "tags.pipeline_phase": "prod",
                            "tags.region": "us-east-1",
                            "tags.sla": "prod",
                            "vpc_id": "vpc-7556310c"
                        },
                        "meta": {},
                        "tainted": false
                    },
                    "deposed": [],
                    "provider": ""
                },
                "aws_route_table.natdc.2": {
                    "type": "aws_route_table",
                    "depends_on": [
                        "aws_nat_gateway.natgw.*",
                        "aws_vpc.main",
                        "aws_vpn_gateway.vgw"
                    ],
                    "primary": {
                        "id": "rtb-c0c5f1b8",
                        "attributes": {
                            "id": "rtb-c0c5f1b8",
                            "propagating_vgws.#": "1",
                            "propagating_vgws.3416213490": "vgw-4e816a27",
                            "route.#": "2",
                            "route.1765689861.cidr_block": "10.127.62.7/32",
                            "route.1765689861.egress_only_gateway_id": "",
                            "route.1765689861.gateway_id": "",
                            "route.1765689861.instance_id": "",
                            "route.1765689861.ipv6_cidr_block": "",
                            "route.1765689861.nat_gateway_id": "",
                            "route.1765689861.network_interface_id": "",
                            "route.1765689861.vpc_peering_connection_id": "pcx-987407f1",
                            "route.1843514687.cidr_block": "0.0.0.0/0",
                            "route.1843514687.egress_only_gateway_id": "",
                            "route.1843514687.gateway_id": "",
                            "route.1843514687.instance_id": "",
                            "route.1843514687.ipv6_cidr_block": "",
                            "route.1843514687.nat_gateway_id": "nat-0d57c338cc0052a2b",
                            "route.1843514687.network_interface_id": "",
                            "route.1843514687.vpc_peering_connection_id": "",
                            "tags.%": "5",
                            "tags.Name": "prod-natdc-routetable",
                            "tags.account_name": "jive-ps-prod",
                            "tags.pipeline_phase": "prod",
                            "tags.region": "us-east-1",
                            "tags.sla": "prod",
                            "vpc_id": "vpc-7556310c"
                        },
                        "meta": {},
                        "tainted": false
                    },
                    "deposed": [],
                    "provider": ""
                },
                "aws_route_table.natdc.3": {
                    "type": "aws_route_table",
                    "depends_on": [
                        "aws_nat_gateway.natgw.*",
                        "aws_vpc.main",
                        "aws_vpn_gateway.vgw"
                    ],
                    "primary": {
                        "id": "rtb-13cdf96b",
                        "attributes": {
                            "id": "rtb-13cdf96b",
                            "propagating_vgws.#": "1",
                            "propagating_vgws.3416213490": "vgw-4e816a27",
                            "route.#": "2",
                            "route.1765689861.cidr_block": "10.127.62.7/32",
                            "route.1765689861.egress_only_gateway_id": "",
                            "route.1765689861.gateway_id": "",
                            "route.1765689861.instance_id": "",
                            "route.1765689861.ipv6_cidr_block": "",
                            "route.1765689861.nat_gateway_id": "",
                            "route.1765689861.network_interface_id": "",
                            "route.1765689861.vpc_peering_connection_id": "pcx-987407f1",
                            "route.3143855033.cidr_block": "0.0.0.0/0",
                            "route.3143855033.egress_only_gateway_id": "",
                            "route.3143855033.gateway_id": "",
                            "route.3143855033.instance_id": "",
                            "route.3143855033.ipv6_cidr_block": "",
                            "route.3143855033.nat_gateway_id": "nat-0244cee4bcdf839bf",
                            "route.3143855033.network_interface_id": "",
                            "route.3143855033.vpc_peering_connection_id": "",
                            "tags.%": "5",
                            "tags.Name": "prod-natdc-routetable",
                            "tags.account_name": "jive-ps-prod",
                            "tags.pipeline_phase": "prod",
                            "tags.region": "us-east-1",
                            "tags.sla": "prod",
                            "vpc_id": "vpc-7556310c"
                        },
                        "meta": {},
                        "tainted": false
                    },
                    "deposed": [],
                    "provider": ""
                },
                "aws_route_table.natdc.4": {
                    "type": "aws_route_table",
                    "depends_on": [
                        "aws_nat_gateway.natgw.*",
                        "aws_vpc.main",
                        "aws_vpn_gateway.vgw"
                    ],
                    "primary": {
                        "id": "rtb-33c5f14b",
                        "attributes": {
                            "id": "rtb-33c5f14b",
                            "propagating_vgws.#": "1",
                            "propagating_vgws.3416213490": "vgw-4e816a27",
                            "route.#": "2",
                            "route.1765689861.cidr_block": "10.127.62.7/32",
                            "route.1765689861.egress_only_gateway_id": "",
                            "route.1765689861.gateway_id": "",
                            "route.1765689861.instance_id": "",
                            "route.1765689861.ipv6_cidr_block": "",
                            "route.1765689861.nat_gateway_id": "",
                            "route.1765689861.network_interface_id": "",
                            "route.1765689861.vpc_peering_connection_id": "pcx-987407f1",
                            "route.3194840785.cidr_block": "0.0.0.0/0",
                            "route.3194840785.egress_only_gateway_id": "",
                            "route.3194840785.gateway_id": "",
                            "route.3194840785.instance_id": "",
                            "route.3194840785.ipv6_cidr_block": "",
                            "route.3194840785.nat_gateway_id": "nat-04ff080551597bf1c",
                            "route.3194840785.network_interface_id": "",
                            "route.3194840785.vpc_peering_connection_id": "",
                            "tags.%": "5",
                            "tags.Name": "prod-natdc-routetable",
                            "tags.account_name": "jive-ps-prod",
                            "tags.pipeline_phase": "prod",
                            "tags.region": "us-east-1",
                            "tags.sla": "prod",
                            "vpc_id": "vpc-7556310c"
                        },
                        "meta": {},
                        "tainted": false
                    },
                    "deposed": [],
                    "provider": ""
                },
                "aws_route_table.private": {
                    "type": "aws_route_table",
                    "depends_on": [
                        "aws_vpc.main"
                    ],
                    "primary": {
                        "id": "rtb-1ecdf966",
                        "attributes": {
                            "id": "rtb-1ecdf966",
                            "propagating_vgws.#": "0",
                            "route.#": "1",
                            "route.1765689861.cidr_block": "10.127.62.7/32",
                            "route.1765689861.egress_only_gateway_id": "",
                            "route.1765689861.gateway_id": "",
                            "route.1765689861.instance_id": "",
                            "route.1765689861.ipv6_cidr_block": "",
                            "route.1765689861.nat_gateway_id": "",
                            "route.1765689861.network_interface_id": "",
                            "route.1765689861.vpc_peering_connection_id": "pcx-987407f1",
                            "tags.%": "5",
                            "tags.Name": "prod-private-routetable",
                            "tags.account_name": "jive-ps-prod",
                            "tags.pipeline_phase": "prod",
                            "tags.region": "us-east-1",
                            "tags.sla": "prod",
                            "vpc_id": "vpc-7556310c"
                        },
                        "meta": {},
                        "tainted": false
                    },
                    "deposed": [],
                    "provider": ""
                },
                "aws_route_table.public": {
                    "type": "aws_route_table",
                    "depends_on": [
                        "aws_internet_gateway.igw",
                        "aws_vpc.main"
                    ],
                    "primary": {
                        "id": "rtb-5bc4f023",
                        "attributes": {
                            "id": "rtb-5bc4f023",
                            "propagating_vgws.#": "0",
                            "route.#": "2",
                            "route.1689868666.cidr_block": "0.0.0.0/0",
                            "route.1689868666.egress_only_gateway_id": "",
                            "route.1689868666.gateway_id": "igw-d95d08bf",
                            "route.1689868666.instance_id": "",
                            "route.1689868666.ipv6_cidr_block": "",
                            "route.1689868666.nat_gateway_id": "",
                            "route.1689868666.network_interface_id": "",
                            "route.1689868666.vpc_peering_connection_id": "",
                            "route.1765689861.cidr_block": "10.127.62.7/32",
                            "route.1765689861.egress_only_gateway_id": "",
                            "route.1765689861.gateway_id": "",
                            "route.1765689861.instance_id": "",
                            "route.1765689861.ipv6_cidr_block": "",
                            "route.1765689861.nat_gateway_id": "",
                            "route.1765689861.network_interface_id": "",
                            "route.1765689861.vpc_peering_connection_id": "pcx-987407f1",
                            "tags.%": "6",
                            "tags.KubernetesCluster": "us-east-1_jive-ps-prod",
                            "tags.Name": "prod-public-routetable",
                            "tags.account_name": "jive-ps-prod",
                            "tags.pipeline_phase": "prod",
                            "tags.region": "us-east-1",
                            "tags.sla": "prod",
                            "vpc_id": "vpc-7556310c"
                        },
                        "meta": {},
                        "tainted": false
                    },
                    "deposed": [],
                    "provider": ""
                },
                "aws_route_table_association.natdc.0": {
                    "type": "aws_route_table_association",
                    "depends_on": [
                        "aws_route_table.natdc.*",
                        "aws_subnet.natdc.*"
                    ],
                    "primary": {
                        "id": "rtbassoc-f181618b",
                        "attributes": {
                            "id": "rtbassoc-f181618b",
                            "route_table_id": "rtb-eccefa94",
                            "subnet_id": "subnet-c7ac30eb"
                        },
                        "meta": {},
                        "tainted": false
                    },
                    "deposed": [],
                    "provider": ""
                },
                "aws_route_table_association.natdc.1": {
                    "type": "aws_route_table_association",
                    "depends_on": [
                        "aws_route_table.natdc.*",
                        "aws_subnet.natdc.*"
                    ],
                    "primary": {
                        "id": "rtbassoc-18806062",
                        "attributes": {
                            "id": "rtbassoc-18806062",
                            "route_table_id": "rtb-b3dbefcb",
                            "subnet_id": "subnet-ee82d5a6"
                        },
                        "meta": {},
                        "tainted": false
                    },
                    "deposed": [],
                    "provider": ""
                },
                "aws_route_table_association.natdc.2": {
                    "type": "aws_route_table_association",
                    "depends_on": [
                        "aws_route_table.natdc.*",
                        "aws_subnet.natdc.*"
                    ],
                    "primary": {
                        "id": "rtbassoc-5089692a",
                        "attributes": {
                            "id": "rtbassoc-5089692a",
                            "route_table_id": "rtb-c0c5f1b8",
                            "subnet_id": "subnet-5375e109"
                        },
                        "meta": {},
                        "tainted": false
                    },
                    "deposed": [],
                    "provider": ""
                },
                "aws_route_table_association.natdc.3": {
                    "type": "aws_route_table_association",
                    "depends_on": [
                        "aws_route_table.natdc.*",
                        "aws_subnet.natdc.*"
                    ],
                    "primary": {
                        "id": "rtbassoc-c28565b8",
                        "attributes": {
                            "id": "rtbassoc-c28565b8",
                            "route_table_id": "rtb-13cdf96b",
                            "subnet_id": "subnet-b4323f88"
                        },
                        "meta": {},
                        "tainted": false
                    },
                    "deposed": [],
                    "provider": ""
                },
                "aws_route_table_association.natdc.4": {
                    "type": "aws_route_table_association",
                    "depends_on": [
                        "aws_route_table.natdc.*",
                        "aws_subnet.natdc.*"
                    ],
                    "primary": {
                        "id": "rtbassoc-f689698c",
                        "attributes": {
                            "id": "rtbassoc-f689698c",
                            "route_table_id": "rtb-33c5f14b",
                            "subnet_id": "subnet-ed7d9e89"
                        },
                        "meta": {},
                        "tainted": false
                    },
                    "deposed": [],
                    "provider": ""
                },
                "aws_route_table_association.private.0": {
                    "type": "aws_route_table_association",
                    "depends_on": [
                        "aws_route_table.private",
                        "aws_subnet.private.*"
                    ],
                    "primary": {
                        "id": "rtbassoc-03bc5c79",
                        "attributes": {
                            "id": "rtbassoc-03bc5c79",
                            "route_table_id": "rtb-1ecdf966",
                            "subnet_id": "subnet-99799afd"
                        },
                        "meta": {},
                        "tainted": false
                    },
                    "deposed": [],
                    "provider": ""
                },
                "aws_route_table_association.private.1": {
                    "type": "aws_route_table_association",
                    "depends_on": [
                        "aws_route_table.private",
                        "aws_subnet.private.*"
                    ],
                    "primary": {
                        "id": "rtbassoc-00bc5c7a",
                        "attributes": {
                            "id": "rtbassoc-00bc5c7a",
                            "route_table_id": "rtb-1ecdf966",
                            "subnet_id": "subnet-96a834ba"
                        },
                        "meta": {},
                        "tainted": false
                    },
                    "deposed": [],
                    "provider": ""
                },
                "aws_route_table_association.private.2": {
                    "type": "aws_route_table_association",
                    "depends_on": [
                        "aws_route_table.private",
                        "aws_subnet.private.*"
                    ],
                    "primary": {
                        "id": "rtbassoc-1186666b",
                        "attributes": {
                            "id": "rtbassoc-1186666b",
                            "route_table_id": "rtb-1ecdf966",
                            "subnet_id": "subnet-f087d0b8"
                        },
                        "meta": {},
                        "tainted": false
                    },
                    "deposed": [],
                    "provider": ""
                },
                "aws_route_table_association.private.3": {
                    "type": "aws_route_table_association",
                    "depends_on": [
                        "aws_route_table.private",
                        "aws_subnet.private.*"
                    ],
                    "primary": {
                        "id": "rtbassoc-cb8565b1",
                        "attributes": {
                            "id": "rtbassoc-cb8565b1",
                            "route_table_id": "rtb-1ecdf966",
                            "subnet_id": "subnet-7478ec2e"
                        },
                        "meta": {},
                        "tainted": false
                    },
                    "deposed": [],
                    "provider": ""
                },
                "aws_route_table_association.private.4": {
                    "type": "aws_route_table_association",
                    "depends_on": [
                        "aws_route_table.private",
                        "aws_subnet.private.*"
                    ],
                    "primary": {
                        "id": "rtbassoc-efbf5f95",
                        "attributes": {
                            "id": "rtbassoc-efbf5f95",
                            "route_table_id": "rtb-1ecdf966",
                            "subnet_id": "subnet-85c5c8b9"
                        },
                        "meta": {},
                        "tainted": false
                    },
                    "deposed": [],
                    "provider": ""
                },
                "aws_route_table_association.public.0": {
                    "type": "aws_route_table_association",
                    "depends_on": [
                        "aws_route_table.public",
                        "aws_subnet.public.*"
                    ],
                    "primary": {
                        "id": "rtbassoc-bf8363c5",
                        "attributes": {
                            "id": "rtbassoc-bf8363c5",
                            "route_table_id": "rtb-5bc4f023",
                            "subnet_id": "subnet-4b7f9c2f"
                        },
                        "meta": {},
                        "tainted": false
                    },
                    "deposed": [],
                    "provider": ""
                },
                "aws_route_table_association.public.1": {
                    "type": "aws_route_table_association",
                    "depends_on": [
                        "aws_route_table.public",
                        "aws_subnet.public.*"
                    ],
                    "primary": {
                        "id": "rtbassoc-cf8060b5",
                        "attributes": {
                            "id": "rtbassoc-cf8060b5",
                            "route_table_id": "rtb-5bc4f023",
                            "subnet_id": "subnet-5fb12d73"
                        },
                        "meta": {},
                        "tainted": false
                    },
                    "deposed": [],
                    "provider": ""
                },
                "aws_route_table_association.public.2": {
                    "type": "aws_route_table_association",
                    "depends_on": [
                        "aws_route_table.public",
                        "aws_subnet.public.*"
                    ],
                    "primary": {
                        "id": "rtbassoc-33826249",
                        "attributes": {
                            "id": "rtbassoc-33826249",
                            "route_table_id": "rtb-5bc4f023",
                            "subnet_id": "subnet-7980d731"
                        },
                        "meta": {},
                        "tainted": false
                    },
                    "deposed": [],
                    "provider": ""
                },
                "aws_route_table_association.public.3": {
                    "type": "aws_route_table_association",
                    "depends_on": [
                        "aws_route_table.public",
                        "aws_subnet.public.*"
                    ],
                    "primary": {
                        "id": "rtbassoc-fd816187",
                        "attributes": {
                            "id": "rtbassoc-fd816187",
                            "route_table_id": "rtb-5bc4f023",
                            "subnet_id": "subnet-917febcb"
                        },
                        "meta": {},
                        "tainted": false
                    },
                    "deposed": [],
                    "provider": ""
                },
                "aws_route_table_association.public.4": {
                    "type": "aws_route_table_association",
                    "depends_on": [
                        "aws_route_table.public",
                        "aws_subnet.public.*"
                    ],
                    "primary": {
                        "id": "rtbassoc-48876732",
                        "attributes": {
                            "id": "rtbassoc-48876732",
                            "route_table_id": "rtb-5bc4f023",
                            "subnet_id": "subnet-60c5c85c"
                        },
                        "meta": {},
                        "tainted": false
                    },
                    "deposed": [],
                    "provider": ""
                },
                "aws_security_group.admin_instance": {
                    "type": "aws_security_group",
                    "depends_on": [
                        "aws_vpc.main"
                    ],
                    "primary": {
                        "id": "sg-24346b55",
                        "attributes": {
                            "description": "Admin instances for the VPC",
                            "egress.#": "0",
                            "id": "sg-24346b55",
                            "ingress.#": "0",
                            "name": "prod-admin-instance",
                            "owner_id": "874979382819",
                            "tags.%": "5",
                            "tags.Name": "prod-admin-instance",
                            "tags.account_name": "jive-ps-prod",
                            "tags.pipeline_phase": "prod",
                            "tags.region": "us-east-1",
                            "tags.sla": "prod",
                            "vpc_id": "vpc-7556310c"
                        },
                        "meta": {},
                        "tainted": false
                    },
                    "deposed": [],
                    "provider": ""
                },
                "aws_security_group.env_instance": {
                    "type": "aws_security_group",
                    "depends_on": [
                        "aws_vpc.main",
                        "data.aws_security_group.bastion"
                    ],
                    "primary": {
                        "id": "sg-7f336c0e",
                        "attributes": {
                            "description": "All instances within the evironment",
                            "egress.#": "1",
                            "egress.482069346.cidr_blocks.#": "1",
                            "egress.482069346.cidr_blocks.0": "0.0.0.0/0",
                            "egress.482069346.from_port": "0",
                            "egress.482069346.ipv6_cidr_blocks.#": "0",
                            "egress.482069346.prefix_list_ids.#": "0",
                            "egress.482069346.protocol": "-1",
                            "egress.482069346.security_groups.#": "0",
                            "egress.482069346.self": "false",
                            "egress.482069346.to_port": "0",
                            "id": "sg-7f336c0e",
                            "ingress.#": "3",
                            "ingress.1536069209.cidr_blocks.#": "0",
                            "ingress.1536069209.from_port": "8",
                            "ingress.1536069209.ipv6_cidr_blocks.#": "0",
                            "ingress.1536069209.protocol": "icmp",
                            "ingress.1536069209.security_groups.#": "1",
                            "ingress.1536069209.security_groups.3453383614": "sg-abe4b2da",
                            "ingress.1536069209.self": "false",
                            "ingress.1536069209.to_port": "0",
                            "ingress.3280021429.cidr_blocks.#": "1",
                            "ingress.3280021429.cidr_blocks.0": "10.0.0.0/8",
                            "ingress.3280021429.from_port": "8",
                            "ingress.3280021429.ipv6_cidr_blocks.#": "0",
                            "ingress.3280021429.protocol": "icmp",
                            "ingress.3280021429.security_groups.#": "0",
                            "ingress.3280021429.self": "false",
                            "ingress.3280021429.to_port": "0",
                            "ingress.3875164666.cidr_blocks.#": "0",
                            "ingress.3875164666.from_port": "22",
                            "ingress.3875164666.ipv6_cidr_blocks.#": "0",
                            "ingress.3875164666.protocol": "tcp",
                            "ingress.3875164666.security_groups.#": "1",
                            "ingress.3875164666.security_groups.3453383614": "sg-abe4b2da",
                            "ingress.3875164666.self": "false",
                            "ingress.3875164666.to_port": "22",
                            "name": "prod-instance",
                            "owner_id": "874979382819",
                            "tags.%": "5",
                            "tags.Name": "prod-instance",
                            "tags.account_name": "jive-ps-prod",
                            "tags.pipeline_phase": "prod",
                            "tags.region": "us-east-1",
                            "tags.sla": "prod",
                            "vpc_id": "vpc-7556310c"
                        },
                        "meta": {},
                        "tainted": false
                    },
                    "deposed": [],
                    "provider": ""
                },
                "aws_security_group.natgw_instance": {
                    "type": "aws_security_group",
                    "depends_on": [
                        "aws_security_group.env_instance",
                        "aws_vpc.main"
                    ],
                    "primary": {
                        "id": "sg-0f217e7e",
                        "attributes": {
                            "description": "Members of this SG are allowed to send any type of traffic to the NAT Box.",
                            "egress.#": "0",
                            "id": "sg-0f217e7e",
                            "ingress.#": "1",
                            "ingress.3428348843.cidr_blocks.#": "0",
                            "ingress.3428348843.from_port": "0",
                            "ingress.3428348843.ipv6_cidr_blocks.#": "0",
                            "ingress.3428348843.protocol": "-1",
                            "ingress.3428348843.security_groups.#": "1",
                            "ingress.3428348843.security_groups.848042541": "sg-7f336c0e",
                            "ingress.3428348843.self": "false",
                            "ingress.3428348843.to_port": "0",
                            "name": "prod-natgw-instance",
                            "owner_id": "874979382819",
                            "tags.%": "5",
                            "tags.Name": "prod-natgw-instance",
                            "tags.account_name": "jive-ps-prod",
                            "tags.pipeline_phase": "prod",
                            "tags.region": "us-east-1",
                            "tags.sla": "prod",
                            "vpc_id": "vpc-7556310c"
                        },
                        "meta": {},
                        "tainted": false
                    },
                    "deposed": [],
                    "provider": ""
                },
                "aws_subnet.natdc.0": {
                    "type": "aws_subnet",
                    "depends_on": [
                        "aws_vpc.main"
                    ],
                    "primary": {
                        "id": "subnet-ed7d9e89",
                        "attributes": {
                            "assign_ipv6_address_on_creation": "false",
                            "availability_zone": "us-east-1a",
                            "cidr_block": "10.125.128.0/23",
                            "id": "subnet-ed7d9e89",
                            "map_public_ip_on_launch": "false",
                            "tags.%": "5",
                            "tags.Name": "prod-natdc-subnet",
                            "tags.account_name": "jive-ps-prod",
                            "tags.pipeline_phase": "prod",
                            "tags.region": "us-east-1",
                            "tags.sla": "prod",
                            "vpc_id": "vpc-7556310c"
                        },
                        "meta": {
                            "schema_version": "1"
                        },
                        "tainted": false
                    },
                    "deposed": [],
                    "provider": ""
                },
                "aws_subnet.natdc.1": {
                    "type": "aws_subnet",
                    "depends_on": [
                        "aws_vpc.main"
                    ],
                    "primary": {
                        "id": "subnet-c7ac30eb",
                        "attributes": {
                            "assign_ipv6_address_on_creation": "false",
                            "availability_zone": "us-east-1b",
                            "cidr_block": "10.125.130.0/23",
                            "id": "subnet-c7ac30eb",
                            "map_public_ip_on_launch": "false",
                            "tags.%": "5",
                            "tags.Name": "prod-natdc-subnet",
                            "tags.account_name": "jive-ps-prod",
                            "tags.pipeline_phase": "prod",
                            "tags.region": "us-east-1",
                            "tags.sla": "prod",
                            "vpc_id": "vpc-7556310c"
                        },
                        "meta": {
                            "schema_version": "1"
                        },
                        "tainted": false
                    },
                    "deposed": [],
                    "provider": ""
                },
                "aws_subnet.natdc.2": {
                    "type": "aws_subnet",
                    "depends_on": [
                        "aws_vpc.main"
                    ],
                    "primary": {
                        "id": "subnet-ee82d5a6",
                        "attributes": {
                            "assign_ipv6_address_on_creation": "false",
                            "availability_zone": "us-east-1c",
                            "cidr_block": "10.125.132.0/23",
                            "id": "subnet-ee82d5a6",
                            "map_public_ip_on_launch": "false",
                            "tags.%": "5",
                            "tags.Name": "prod-natdc-subnet",
                            "tags.account_name": "jive-ps-prod",
                            "tags.pipeline_phase": "prod",
                            "tags.region": "us-east-1",
                            "tags.sla": "prod",
                            "vpc_id": "vpc-7556310c"
                        },
                        "meta": {
                            "schema_version": "1"
                        },
                        "tainted": false
                    },
                    "deposed": [],
                    "provider": ""
                },
                "aws_subnet.natdc.3": {
                    "type": "aws_subnet",
                    "depends_on": [
                        "aws_vpc.main"
                    ],
                    "primary": {
                        "id": "subnet-5375e109",
                        "attributes": {
                            "assign_ipv6_address_on_creation": "false",
                            "availability_zone": "us-east-1d",
                            "cidr_block": "10.125.134.0/23",
                            "id": "subnet-5375e109",
                            "map_public_ip_on_launch": "false",
                            "tags.%": "5",
                            "tags.Name": "prod-natdc-subnet",
                            "tags.account_name": "jive-ps-prod",
                            "tags.pipeline_phase": "prod",
                            "tags.region": "us-east-1",
                            "tags.sla": "prod",
                            "vpc_id": "vpc-7556310c"
                        },
                        "meta": {
                            "schema_version": "1"
                        },
                        "tainted": false
                    },
                    "deposed": [],
                    "provider": ""
                },
                "aws_subnet.natdc.4": {
                    "type": "aws_subnet",
                    "depends_on": [
                        "aws_vpc.main"
                    ],
                    "primary": {
                        "id": "subnet-b4323f88",
                        "attributes": {
                            "assign_ipv6_address_on_creation": "false",
                            "availability_zone": "us-east-1e",
                            "cidr_block": "10.125.136.0/23",
                            "id": "subnet-b4323f88",
                            "map_public_ip_on_launch": "false",
                            "tags.%": "5",
                            "tags.Name": "prod-natdc-subnet",
                            "tags.account_name": "jive-ps-prod",
                            "tags.pipeline_phase": "prod",
                            "tags.region": "us-east-1",
                            "tags.sla": "prod",
                            "vpc_id": "vpc-7556310c"
                        },
                        "meta": {
                            "schema_version": "1"
                        },
                        "tainted": false
                    },
                    "deposed": [],
                    "provider": ""
                },
                "aws_subnet.private.0": {
                    "type": "aws_subnet",
                    "depends_on": [
                        "aws_vpc.main"
                    ],
                    "primary": {
                        "id": "subnet-99799afd",
                        "attributes": {
                            "assign_ipv6_address_on_creation": "false",
                            "availability_zone": "us-east-1a",
                            "cidr_block": "10.125.140.128/25",
                            "id": "subnet-99799afd",
                            "map_public_ip_on_launch": "false",
                            "tags.%": "5",
                            "tags.Name": "prod-private-subnet",
                            "tags.account_name": "jive-ps-prod",
                            "tags.pipeline_phase": "prod",
                            "tags.region": "us-east-1",
                            "tags.sla": "prod",
                            "vpc_id": "vpc-7556310c"
                        },
                        "meta": {
                            "schema_version": "1"
                        },
                        "tainted": false
                    },
                    "deposed": [],
                    "provider": ""
                },
                "aws_subnet.private.1": {
                    "type": "aws_subnet",
                    "depends_on": [
                        "aws_vpc.main"
                    ],
                    "primary": {
                        "id": "subnet-96a834ba",
                        "attributes": {
                            "assign_ipv6_address_on_creation": "false",
                            "availability_zone": "us-east-1b",
                            "cidr_block": "10.125.141.0/25",
                            "id": "subnet-96a834ba",
                            "map_public_ip_on_launch": "false",
                            "tags.%": "5",
                            "tags.Name": "prod-private-subnet",
                            "tags.account_name": "jive-ps-prod",
                            "tags.pipeline_phase": "prod",
                            "tags.region": "us-east-1",
                            "tags.sla": "prod",
                            "vpc_id": "vpc-7556310c"
                        },
                        "meta": {
                            "schema_version": "1"
                        },
                        "tainted": false
                    },
                    "deposed": [],
                    "provider": ""
                },
                "aws_subnet.private.2": {
                    "type": "aws_subnet",
                    "depends_on": [
                        "aws_vpc.main"
                    ],
                    "primary": {
                        "id": "subnet-f087d0b8",
                        "attributes": {
                            "assign_ipv6_address_on_creation": "false",
                            "availability_zone": "us-east-1c",
                            "cidr_block": "10.125.141.128/25",
                            "id": "subnet-f087d0b8",
                            "map_public_ip_on_launch": "false",
                            "tags.%": "5",
                            "tags.Name": "prod-private-subnet",
                            "tags.account_name": "jive-ps-prod",
                            "tags.pipeline_phase": "prod",
                            "tags.region": "us-east-1",
                            "tags.sla": "prod",
                            "vpc_id": "vpc-7556310c"
                        },
                        "meta": {
                            "schema_version": "1"
                        },
                        "tainted": false
                    },
                    "deposed": [],
                    "provider": ""
                },
                "aws_subnet.private.3": {
                    "type": "aws_subnet",
                    "depends_on": [
                        "aws_vpc.main"
                    ],
                    "primary": {
                        "id": "subnet-7478ec2e",
                        "attributes": {
                            "assign_ipv6_address_on_creation": "false",
                            "availability_zone": "us-east-1d",
                            "cidr_block": "10.125.142.0/25",
                            "id": "subnet-7478ec2e",
                            "map_public_ip_on_launch": "false",
                            "tags.%": "5",
                            "tags.Name": "prod-private-subnet",
                            "tags.account_name": "jive-ps-prod",
                            "tags.pipeline_phase": "prod",
                            "tags.region": "us-east-1",
                            "tags.sla": "prod",
                            "vpc_id": "vpc-7556310c"
                        },
                        "meta": {
                            "schema_version": "1"
                        },
                        "tainted": false
                    },
                    "deposed": [],
                    "provider": ""
                },
                "aws_subnet.private.4": {
                    "type": "aws_subnet",
                    "depends_on": [
                        "aws_vpc.main"
                    ],
                    "primary": {
                        "id": "subnet-85c5c8b9",
                        "attributes": {
                            "assign_ipv6_address_on_creation": "false",
                            "availability_zone": "us-east-1e",
                            "cidr_block": "10.125.142.128/25",
                            "id": "subnet-85c5c8b9",
                            "map_public_ip_on_launch": "false",
                            "tags.%": "5",
                            "tags.Name": "prod-private-subnet",
                            "tags.account_name": "jive-ps-prod",
                            "tags.pipeline_phase": "prod",
                            "tags.region": "us-east-1",
                            "tags.sla": "prod",
                            "vpc_id": "vpc-7556310c"
                        },
                        "meta": {
                            "schema_version": "1"
                        },
                        "tainted": false
                    },
                    "deposed": [],
                    "provider": ""
                },
                "aws_subnet.public.0": {
                    "type": "aws_subnet",
                    "depends_on": [
                        "aws_vpc.main"
                    ],
                    "primary": {
                        "id": "subnet-4b7f9c2f",
                        "attributes": {
                            "assign_ipv6_address_on_creation": "false",
                            "availability_zone": "us-east-1a",
                            "cidr_block": "10.125.138.0/25",
                            "id": "subnet-4b7f9c2f",
                            "map_public_ip_on_launch": "false",
                            "tags.%": "6",
                            "tags.KubernetesCluster": "us-east-1_jive-ps-prod",
                            "tags.Name": "prod-public-subnet",
                            "tags.account_name": "jive-ps-prod",
                            "tags.pipeline_phase": "prod",
                            "tags.region": "us-east-1",
                            "tags.sla": "prod",
                            "vpc_id": "vpc-7556310c"
                        },
                        "meta": {
                            "schema_version": "1"
                        },
                        "tainted": false
                    },
                    "deposed": [],
                    "provider": ""
                },
                "aws_subnet.public.1": {
                    "type": "aws_subnet",
                    "depends_on": [
                        "aws_vpc.main"
                    ],
                    "primary": {
                        "id": "subnet-5fb12d73",
                        "attributes": {
                            "assign_ipv6_address_on_creation": "false",
                            "availability_zone": "us-east-1b",
                            "cidr_block": "10.125.138.128/25",
                            "id": "subnet-5fb12d73",
                            "map_public_ip_on_launch": "false",
                            "tags.%": "6",
                            "tags.KubernetesCluster": "us-east-1_jive-ps-prod",
                            "tags.Name": "prod-public-subnet",
                            "tags.account_name": "jive-ps-prod",
                            "tags.pipeline_phase": "prod",
                            "tags.region": "us-east-1",
                            "tags.sla": "prod",
                            "vpc_id": "vpc-7556310c"
                        },
                        "meta": {
                            "schema_version": "1"
                        },
                        "tainted": false
                    },
                    "deposed": [],
                    "provider": ""
                },
                "aws_subnet.public.2": {
                    "type": "aws_subnet",
                    "depends_on": [
                        "aws_vpc.main"
                    ],
                    "primary": {
                        "id": "subnet-7980d731",
                        "attributes": {
                            "assign_ipv6_address_on_creation": "false",
                            "availability_zone": "us-east-1c",
                            "cidr_block": "10.125.139.0/25",
                            "id": "subnet-7980d731",
                            "map_public_ip_on_launch": "false",
                            "tags.%": "6",
                            "tags.KubernetesCluster": "us-east-1_jive-ps-prod",
                            "tags.Name": "prod-public-subnet",
                            "tags.account_name": "jive-ps-prod",
                            "tags.pipeline_phase": "prod",
                            "tags.region": "us-east-1",
                            "tags.sla": "prod",
                            "vpc_id": "vpc-7556310c"
                        },
                        "meta": {
                            "schema_version": "1"
                        },
                        "tainted": false
                    },
                    "deposed": [],
                    "provider": ""
                },
                "aws_subnet.public.3": {
                    "type": "aws_subnet",
                    "depends_on": [
                        "aws_vpc.main"
                    ],
                    "primary": {
                        "id": "subnet-917febcb",
                        "attributes": {
                            "assign_ipv6_address_on_creation": "false",
                            "availability_zone": "us-east-1d",
                            "cidr_block": "10.125.139.128/25",
                            "id": "subnet-917febcb",
                            "map_public_ip_on_launch": "false",
                            "tags.%": "6",
                            "tags.KubernetesCluster": "us-east-1_jive-ps-prod",
                            "tags.Name": "prod-public-subnet",
                            "tags.account_name": "jive-ps-prod",
                            "tags.pipeline_phase": "prod",
                            "tags.region": "us-east-1",
                            "tags.sla": "prod",
                            "vpc_id": "vpc-7556310c"
                        },
                        "meta": {
                            "schema_version": "1"
                        },
                        "tainted": false
                    },
                    "deposed": [],
                    "provider": ""
                },
                "aws_subnet.public.4": {
                    "type": "aws_subnet",
                    "depends_on": [
                        "aws_vpc.main"
                    ],
                    "primary": {
                        "id": "subnet-60c5c85c",
                        "attributes": {
                            "assign_ipv6_address_on_creation": "false",
                            "availability_zone": "us-east-1e",
                            "cidr_block": "10.125.140.0/25",
                            "id": "subnet-60c5c85c",
                            "map_public_ip_on_launch": "false",
                            "tags.%": "6",
                            "tags.KubernetesCluster": "us-east-1_jive-ps-prod",
                            "tags.Name": "prod-public-subnet",
                            "tags.account_name": "jive-ps-prod",
                            "tags.pipeline_phase": "prod",
                            "tags.region": "us-east-1",
                            "tags.sla": "prod",
                            "vpc_id": "vpc-7556310c"
                        },
                        "meta": {
                            "schema_version": "1"
                        },
                        "tainted": false
                    },
                    "deposed": [],
                    "provider": ""
                },
                "aws_vpc.main": {
                    "type": "aws_vpc",
                    "depends_on": [],
                    "primary": {
                        "id": "vpc-7556310c",
                        "attributes": {
                            "assign_generated_ipv6_cidr_block": "false",
                            "cidr_block": "10.125.128.0/20",
                            "default_network_acl_id": "acl-2590995c",
                            "default_route_table_id": "rtb-2cd8ec54",
                            "default_security_group_id": "sg-20316e51",
                            "dhcp_options_id": "dopt-fac6339e",
                            "enable_classiclink": "false",
                            "enable_dns_hostnames": "true",
                            "enable_dns_support": "true",
                            "id": "vpc-7556310c",
                            "instance_tenancy": "default",
                            "main_route_table_id": "rtb-2cd8ec54",
                            "tags.%": "5",
                            "tags.Name": "prod-vpc",
                            "tags.account_name": "jive-ps-prod",
                            "tags.pipeline_phase": "prod",
                            "tags.region": "us-east-1",
                            "tags.sla": "prod"
                        },
                        "meta": {
                            "schema_version": "1"
                        },
                        "tainted": false
                    },
                    "deposed": [],
                    "provider": ""
                },
                "aws_vpc_peering_connection.infra": {
                    "type": "aws_vpc_peering_connection",
                    "depends_on": [
                        "aws_vpc.main"
                    ],
                    "primary": {
                        "id": "pcx-987407f1",
                        "attributes": {
                            "accept_status": "active",
                            "accepter.#": "1",
                            "accepter.3244290774.allow_classic_link_to_remote_vpc": "false",
                            "accepter.3244290774.allow_remote_vpc_dns_resolution": "false",
                            "accepter.3244290774.allow_vpc_to_remote_classic_link": "false",
                            "auto_accept": "true",
                            "id": "pcx-987407f1",
                            "peer_owner_id": "874979382819",
                            "peer_vpc_id": "vpc-af4623d6",
                            "requester.#": "1",
                            "requester.3244290774.allow_classic_link_to_remote_vpc": "false",
                            "requester.3244290774.allow_remote_vpc_dns_resolution": "false",
                            "requester.3244290774.allow_vpc_to_remote_classic_link": "false",
                            "tags.%": "5",
                            "tags.Name": "prod_to_infra-jive-ps-prod",
                            "tags.account_name": "jive-ps-prod",
                            "tags.pipeline_phase": "prod",
                            "tags.region": "us-east-1",
                            "tags.sla": "prod",
                            "vpc_id": "vpc-7556310c"
                        },
                        "meta": {},
                        "tainted": false
                    },
                    "deposed": [],
                    "provider": ""
                },
                "aws_vpn_gateway.vgw": {
                    "type": "aws_vpn_gateway",
                    "depends_on": [
                        "aws_vpc.main"
                    ],
                    "primary": {
                        "id": "vgw-4e816a27",
                        "attributes": {
                            "id": "vgw-4e816a27",
                            "tags.%": "7",
                            "tags.Name": "prod-vgw",
                            "tags.account_name": "jive-ps-prod",
                            "tags.jive_service": "infrastructure",
                            "tags.pipeline_phase": "prod",
                            "tags.region": "us-east-1",
                            "tags.service_component": "vpn_gateway",
                            "tags.sla": "prod",
                            "vpc_id": "vpc-7556310c"
                        },
                        "meta": {},
                        "tainted": false
                    },
                    "deposed": [],
                    "provider": ""
                },
                "data.aws_security_group.bastion": {
                    "type": "aws_security_group",
                    "depends_on": [],
                    "primary": {
                        "id": "sg-abe4b2da",
                        "attributes": {
                            "filter.#": "1",
                            "filter.1988431066.name": "tag:jive_service",
                            "filter.1988431066.values.#": "1",
                            "filter.1988431066.values.2480389212": "infrastructure",
                            "id": "sg-abe4b2da",
                            "name": "infra-prod-jive-phx-dc",
                            "tags.%": "6",
                            "tags.Name": "infra-prod-jive-phx-dc",
                            "tags.account_name": "jive-ps-prod",
                            "tags.jive_service": "infrastructure",
                            "tags.pipeline_phase": "infra-prod",
                            "tags.region": "us-east-1",
                            "tags.sla": "prod",
                            "vpc_id": "vpc-af4623d6"
                        },
                        "meta": {},
                        "tainted": false
                    },
                    "deposed": [],
                    "provider": ""
                }
            },
            "depends_on": []
        }
    ]
}
