{
    "version": 3,
    "terraform_version": "0.9.2",
    "serial": 7,
    "lineage": "002758dc-271c-4525-99c6-698d1b73e47a",
    "modules": [
        {
            "path": [
                "root"
            ],
            "outputs": {},
            "resources": {
                "aws_eip.natgw.0": {
                    "type": "aws_eip",
                    "depends_on": [],
                    "primary": {
                        "id": "eipalloc-e388a5d9",
                        "attributes": {
                            "association_id": "eipassoc-0e71e433",
                            "domain": "vpc",
                            "id": "eipalloc-e388a5d9",
                            "instance": "",
                            "network_interface": "eni-1f5b3123",
                            "private_ip": "10.122.28.87",
                            "public_ip": "52.32.228.142",
                            "vpc": "true"
                        },
                        "meta": {},
                        "tainted": false
                    },
                    "deposed": [],
                    "provider": ""
                },
                "aws_eip.natgw.1": {
                    "type": "aws_eip",
                    "depends_on": [],
                    "primary": {
                        "id": "eipalloc-dd84a9e7",
                        "attributes": {
                            "association_id": "eipassoc-0871e435",
                            "domain": "vpc",
                            "id": "eipalloc-dd84a9e7",
                            "instance": "",
                            "network_interface": "eni-fac2c8d0",
                            "private_ip": "10.122.28.169",
                            "public_ip": "35.165.155.202",
                            "vpc": "true"
                        },
                        "meta": {},
                        "tainted": false
                    },
                    "deposed": [],
                    "provider": ""
                },
                "aws_eip.natgw.2": {
                    "type": "aws_eip",
                    "depends_on": [],
                    "primary": {
                        "id": "eipalloc-2188a51b",
                        "attributes": {
                            "association_id": "eipassoc-7772e74a",
                            "domain": "vpc",
                            "id": "eipalloc-2188a51b",
                            "instance": "",
                            "network_interface": "eni-0060f90e",
                            "private_ip": "10.122.29.15",
                            "public_ip": "34.223.238.86",
                            "vpc": "true"
                        },
                        "meta": {},
                        "tainted": false
                    },
                    "deposed": [],
                    "provider": ""
                },
                "aws_internet_gateway.igw": {
                    "type": "aws_internet_gateway",
                    "depends_on": [
                        "aws_vpc.main"
                    ],
                    "primary": {
                        "id": "igw-f884229f",
                        "attributes": {
                            "id": "igw-f884229f",
                            "tags.%": "5",
                            "tags.Name": "pipeline-devopsil-igw",
                            "tags.account_name": "jive-infra-pipeline",
                            "tags.pipeline_phase": "pipeline-devopsil",
                            "tags.region": "us-west-2",
                            "tags.sla": "non-prod",
                            "vpc_id": "vpc-d947aebf"
                        },
                        "meta": {},
                        "tainted": false
                    },
                    "deposed": [],
                    "provider": ""
                },
                "aws_nat_gateway.natgw.0": {
                    "type": "aws_nat_gateway",
                    "depends_on": [
                        "aws_eip.natgw.*",
                        "aws_internet_gateway.igw",
                        "aws_subnet.public.*"
                    ],
                    "primary": {
                        "id": "nat-0fc14f575185b9b51",
                        "attributes": {
                            "allocation_id": "eipalloc-e388a5d9",
                            "id": "nat-0fc14f575185b9b51",
                            "network_interface_id": "eni-1f5b3123",
                            "private_ip": "10.122.28.87",
                            "public_ip": "52.32.228.142",
                            "subnet_id": "subnet-c4e7ba8d"
                        },
                        "meta": {},
                        "tainted": false
                    },
                    "deposed": [],
                    "provider": ""
                },
                "aws_nat_gateway.natgw.1": {
                    "type": "aws_nat_gateway",
                    "depends_on": [
                        "aws_eip.natgw.*",
                        "aws_internet_gateway.igw",
                        "aws_subnet.public.*"
                    ],
                    "primary": {
                        "id": "nat-063bf5e4e5e558227",
                        "attributes": {
                            "allocation_id": "eipalloc-dd84a9e7",
                            "id": "nat-063bf5e4e5e558227",
                            "network_interface_id": "eni-fac2c8d0",
                            "private_ip": "10.122.28.169",
                            "public_ip": "35.165.155.202",
                            "subnet_id": "subnet-02494c65"
                        },
                        "meta": {},
                        "tainted": false
                    },
                    "deposed": [],
                    "provider": ""
                },
                "aws_nat_gateway.natgw.2": {
                    "type": "aws_nat_gateway",
                    "depends_on": [
                        "aws_eip.natgw.*",
                        "aws_internet_gateway.igw",
                        "aws_subnet.public.*"
                    ],
                    "primary": {
                        "id": "nat-06604fad5d1c47318",
                        "attributes": {
                            "allocation_id": "eipalloc-2188a51b",
                            "id": "nat-06604fad5d1c47318",
                            "network_interface_id": "eni-0060f90e",
                            "private_ip": "10.122.29.15",
                            "public_ip": "34.223.238.86",
                            "subnet_id": "subnet-c42ff59f"
                        },
                        "meta": {},
                        "tainted": false
                    },
                    "deposed": [],
                    "provider": ""
                },
                "aws_route53_zone_association.route53": {
                    "type": "aws_route53_zone_association",
                    "depends_on": [
                        "aws_vpc.main"
                    ],
                    "primary": {
                        "id": "Z3EI1CWJSFIPAM:vpc-3d628b5b",
                        "attributes": {
                            "id": "Z3EI1CWJSFIPAM:vpc-3d628b5b",
                            "vpc_id": "vpc-d947aebf",
                            "vpc_region": "us-west-2",
                            "zone_id": "Z3EI1CWJSFIPAM"
                        },
                        "meta": {},
                        "tainted": false
                    },
                    "deposed": [],
                    "provider": ""
                },
                "aws_route_table.natdc.0": {
                    "type": "aws_route_table",
                    "depends_on": [
                        "aws_nat_gateway.natgw.*",
                        "aws_vpc.main",
                        "aws_vpc_peering_connection.infra",
                        "aws_vpn_gateway.vgw"
                    ],
                    "primary": {
                        "id": "rtb-7cbdd51a",
                        "attributes": {
                            "id": "rtb-7cbdd51a",
                            "propagating_vgws.#": "1",
                            "propagating_vgws.2145020117": "vgw-ba11caa4",
                            "route.#": "2",
                            "route.1761814133.cidr_block": "0.0.0.0/0",
                            "route.1761814133.egress_only_gateway_id": "",
                            "route.1761814133.gateway_id": "",
                            "route.1761814133.instance_id": "",
                            "route.1761814133.ipv6_cidr_block": "",
                            "route.1761814133.nat_gateway_id": "nat-0fc14f575185b9b51",
                            "route.1761814133.network_interface_id": "",
                            "route.1761814133.vpc_peering_connection_id": "",
                            "route.2328044031.cidr_block": "10.127.63.7/32",
                            "route.2328044031.egress_only_gateway_id": "",
                            "route.2328044031.gateway_id": "",
                            "route.2328044031.instance_id": "",
                            "route.2328044031.ipv6_cidr_block": "",
                            "route.2328044031.nat_gateway_id": "",
                            "route.2328044031.network_interface_id": "",
                            "route.2328044031.vpc_peering_connection_id": "pcx-583caf31",
                            "tags.%": "5",
                            "tags.Name": "pipeline-devopsil-natdc-routetable",
                            "tags.account_name": "jive-infra-pipeline",
                            "tags.pipeline_phase": "pipeline-devopsil",
                            "tags.region": "us-west-2",
                            "tags.sla": "non-prod",
                            "vpc_id": "vpc-d947aebf"
                        },
                        "meta": {},
                        "tainted": false
                    },
                    "deposed": [],
                    "provider": ""
                },
                "aws_route_table.natdc.1": {
                    "type": "aws_route_table",
                    "depends_on": [
                        "aws_nat_gateway.natgw.*",
                        "aws_vpc.main",
                        "aws_vpc_peering_connection.infra",
                        "aws_vpn_gateway.vgw"
                    ],
                    "primary": {
                        "id": "rtb-a6bcd4c0",
                        "attributes": {
                            "id": "rtb-a6bcd4c0",
                            "propagating_vgws.#": "1",
                            "propagating_vgws.2145020117": "vgw-ba11caa4",
                            "route.#": "2",
                            "route.1378869275.cidr_block": "0.0.0.0/0",
                            "route.1378869275.egress_only_gateway_id": "",
                            "route.1378869275.gateway_id": "",
                            "route.1378869275.instance_id": "",
                            "route.1378869275.ipv6_cidr_block": "",
                            "route.1378869275.nat_gateway_id": "nat-063bf5e4e5e558227",
                            "route.1378869275.network_interface_id": "",
                            "route.1378869275.vpc_peering_connection_id": "",
                            "route.2328044031.cidr_block": "10.127.63.7/32",
                            "route.2328044031.egress_only_gateway_id": "",
                            "route.2328044031.gateway_id": "",
                            "route.2328044031.instance_id": "",
                            "route.2328044031.ipv6_cidr_block": "",
                            "route.2328044031.nat_gateway_id": "",
                            "route.2328044031.network_interface_id": "",
                            "route.2328044031.vpc_peering_connection_id": "pcx-583caf31",
                            "tags.%": "5",
                            "tags.Name": "pipeline-devopsil-natdc-routetable",
                            "tags.account_name": "jive-infra-pipeline",
                            "tags.pipeline_phase": "pipeline-devopsil",
                            "tags.region": "us-west-2",
                            "tags.sla": "non-prod",
                            "vpc_id": "vpc-d947aebf"
                        },
                        "meta": {},
                        "tainted": false
                    },
                    "deposed": [],
                    "provider": ""
                },
                "aws_route_table.natdc.2": {
                    "type": "aws_route_table",
                    "depends_on": [
                        "aws_nat_gateway.natgw.*",
                        "aws_vpc.main",
                        "aws_vpc_peering_connection.infra",
                        "aws_vpn_gateway.vgw"
                    ],
                    "primary": {
                        "id": "rtb-17bdd571",
                        "attributes": {
                            "id": "rtb-17bdd571",
                            "propagating_vgws.#": "1",
                            "propagating_vgws.2145020117": "vgw-ba11caa4",
                            "route.#": "2",
                            "route.2328044031.cidr_block": "10.127.63.7/32",
                            "route.2328044031.egress_only_gateway_id": "",
                            "route.2328044031.gateway_id": "",
                            "route.2328044031.instance_id": "",
                            "route.2328044031.ipv6_cidr_block": "",
                            "route.2328044031.nat_gateway_id": "",
                            "route.2328044031.network_interface_id": "",
                            "route.2328044031.vpc_peering_connection_id": "pcx-583caf31",
                            "route.843364838.cidr_block": "0.0.0.0/0",
                            "route.843364838.egress_only_gateway_id": "",
                            "route.843364838.gateway_id": "",
                            "route.843364838.instance_id": "",
                            "route.843364838.ipv6_cidr_block": "",
                            "route.843364838.nat_gateway_id": "nat-06604fad5d1c47318",
                            "route.843364838.network_interface_id": "",
                            "route.843364838.vpc_peering_connection_id": "",
                            "tags.%": "5",
                            "tags.Name": "pipeline-devopsil-natdc-routetable",
                            "tags.account_name": "jive-infra-pipeline",
                            "tags.pipeline_phase": "pipeline-devopsil",
                            "tags.region": "us-west-2",
                            "tags.sla": "non-prod",
                            "vpc_id": "vpc-d947aebf"
                        },
                        "meta": {},
                        "tainted": false
                    },
                    "deposed": [],
                    "provider": ""
                },
                "aws_route_table.private": {
                    "type": "aws_route_table",
                    "depends_on": [
                        "aws_vpc.main",
                        "aws_vpc_peering_connection.infra"
                    ],
                    "primary": {
                        "id": "rtb-d8b9d1be",
                        "attributes": {
                            "id": "rtb-d8b9d1be",
                            "propagating_vgws.#": "0",
                            "route.#": "1",
                            "route.2328044031.cidr_block": "10.127.63.7/32",
                            "route.2328044031.egress_only_gateway_id": "",
                            "route.2328044031.gateway_id": "",
                            "route.2328044031.instance_id": "",
                            "route.2328044031.ipv6_cidr_block": "",
                            "route.2328044031.nat_gateway_id": "",
                            "route.2328044031.network_interface_id": "",
                            "route.2328044031.vpc_peering_connection_id": "pcx-583caf31",
                            "tags.%": "5",
                            "tags.Name": "pipeline-devopsil-private-routetable",
                            "tags.account_name": "jive-infra-pipeline",
                            "tags.pipeline_phase": "pipeline-devopsil",
                            "tags.region": "us-west-2",
                            "tags.sla": "non-prod",
                            "vpc_id": "vpc-d947aebf"
                        },
                        "meta": {},
                        "tainted": false
                    },
                    "deposed": [],
                    "provider": ""
                },
                "aws_route_table.public": {
                    "type": "aws_route_table",
                    "depends_on": [
                        "aws_internet_gateway.igw",
                        "aws_vpc.main",
                        "aws_vpc_peering_connection.infra"
                    ],
                    "primary": {
                        "id": "rtb-4bbed62d",
                        "attributes": {
                            "id": "rtb-4bbed62d",
                            "propagating_vgws.#": "0",
                            "route.#": "2",
                            "route.2328044031.cidr_block": "10.127.63.7/32",
                            "route.2328044031.egress_only_gateway_id": "",
                            "route.2328044031.gateway_id": "",
                            "route.2328044031.instance_id": "",
                            "route.2328044031.ipv6_cidr_block": "",
                            "route.2328044031.nat_gateway_id": "",
                            "route.2328044031.network_interface_id": "",
                            "route.2328044031.vpc_peering_connection_id": "pcx-583caf31",
                            "route.667364779.cidr_block": "0.0.0.0/0",
                            "route.667364779.egress_only_gateway_id": "",
                            "route.667364779.gateway_id": "igw-f884229f",
                            "route.667364779.instance_id": "",
                            "route.667364779.ipv6_cidr_block": "",
                            "route.667364779.nat_gateway_id": "",
                            "route.667364779.network_interface_id": "",
                            "route.667364779.vpc_peering_connection_id": "",
                            "tags.%": "6",
                            "tags.KubernetesCluster": "us-west-2_jive-infra-pipeline-devopsil",
                            "tags.Name": "pipeline-devopsil-public-routetable",
                            "tags.account_name": "jive-infra-pipeline",
                            "tags.pipeline_phase": "pipeline-devopsil",
                            "tags.region": "us-west-2",
                            "tags.sla": "non-prod",
                            "vpc_id": "vpc-d947aebf"
                        },
                        "meta": {},
                        "tainted": false
                    },
                    "deposed": [],
                    "provider": ""
                },
                "aws_route_table_association.natdc.0": {
                    "type": "aws_route_table_association",
                    "depends_on": [
                        "aws_route_table.natdc.*",
                        "aws_subnet.natdc.*"
                    ],
                    "primary": {
                        "id": "rtbassoc-7467180d",
                        "attributes": {
                            "id": "rtbassoc-7467180d",
                            "route_table_id": "rtb-7cbdd51a",
                            "subnet_id": "subnet-e6e3beaf"
                        },
                        "meta": {},
                        "tainted": false
                    },
                    "deposed": [],
                    "provider": ""
                },
                "aws_route_table_association.natdc.1": {
                    "type": "aws_route_table_association",
                    "depends_on": [
                        "aws_route_table.natdc.*",
                        "aws_subnet.natdc.*"
                    ],
                    "primary": {
                        "id": "rtbassoc-aa6718d3",
                        "attributes": {
                            "id": "rtbassoc-aa6718d3",
                            "route_table_id": "rtb-a6bcd4c0",
                            "subnet_id": "subnet-a14a4fc6"
                        },
                        "meta": {},
                        "tainted": false
                    },
                    "deposed": [],
                    "provider": ""
                },
                "aws_route_table_association.natdc.2": {
                    "type": "aws_route_table_association",
                    "depends_on": [
                        "aws_route_table.natdc.*",
                        "aws_subnet.natdc.*"
                    ],
                    "primary": {
                        "id": "rtbassoc-30621d49",
                        "attributes": {
                            "id": "rtbassoc-30621d49",
                            "route_table_id": "rtb-17bdd571",
                            "subnet_id": "subnet-4a2df711"
                        },
                        "meta": {},
                        "tainted": false
                    },
                    "deposed": [],
                    "provider": ""
                },
                "aws_route_table_association.private.0": {
                    "type": "aws_route_table_association",
                    "depends_on": [
                        "aws_route_table.private",
                        "aws_subnet.private.*"
                    ],
                    "primary": {
                        "id": "rtbassoc-7d671804",
                        "attributes": {
                            "id": "rtbassoc-7d671804",
                            "route_table_id": "rtb-d8b9d1be",
                            "subnet_id": "subnet-611c4028"
                        },
                        "meta": {},
                        "tainted": false
                    },
                    "deposed": [],
                    "provider": ""
                },
                "aws_route_table_association.private.1": {
                    "type": "aws_route_table_association",
                    "depends_on": [
                        "aws_route_table.private",
                        "aws_subnet.private.*"
                    ],
                    "primary": {
                        "id": "rtbassoc-67631c1e",
                        "attributes": {
                            "id": "rtbassoc-67631c1e",
                            "route_table_id": "rtb-d8b9d1be",
                            "subnet_id": "subnet-01494c66"
                        },
                        "meta": {},
                        "tainted": false
                    },
                    "deposed": [],
                    "provider": ""
                },
                "aws_route_table_association.private.2": {
                    "type": "aws_route_table_association",
                    "depends_on": [
                        "aws_route_table.private",
                        "aws_subnet.private.*"
                    ],
                    "primary": {
                        "id": "rtbassoc-be641bc7",
                        "attributes": {
                            "id": "rtbassoc-be641bc7",
                            "route_table_id": "rtb-d8b9d1be",
                            "subnet_id": "subnet-402ef41b"
                        },
                        "meta": {},
                        "tainted": false
                    },
                    "deposed": [],
                    "provider": ""
                },
                "aws_route_table_association.public.0": {
                    "type": "aws_route_table_association",
                    "depends_on": [
                        "aws_route_table.public",
                        "aws_subnet.public.*"
                    ],
                    "primary": {
                        "id": "rtbassoc-66631c1f",
                        "attributes": {
                            "id": "rtbassoc-66631c1f",
                            "route_table_id": "rtb-4bbed62d",
                            "subnet_id": "subnet-c4e7ba8d"
                        },
                        "meta": {},
                        "tainted": false
                    },
                    "deposed": [],
                    "provider": ""
                },
                "aws_route_table_association.public.1": {
                    "type": "aws_route_table_association",
                    "depends_on": [
                        "aws_route_table.public",
                        "aws_subnet.public.*"
                    ],
                    "primary": {
                        "id": "rtbassoc-e4651a9d",
                        "attributes": {
                            "id": "rtbassoc-e4651a9d",
                            "route_table_id": "rtb-4bbed62d",
                            "subnet_id": "subnet-02494c65"
                        },
                        "meta": {},
                        "tainted": false
                    },
                    "deposed": [],
                    "provider": ""
                },
                "aws_route_table_association.public.2": {
                    "type": "aws_route_table_association",
                    "depends_on": [
                        "aws_route_table.public",
                        "aws_subnet.public.*"
                    ],
                    "primary": {
                        "id": "rtbassoc-1367186a",
                        "attributes": {
                            "id": "rtbassoc-1367186a",
                            "route_table_id": "rtb-4bbed62d",
                            "subnet_id": "subnet-c42ff59f"
                        },
                        "meta": {},
                        "tainted": false
                    },
                    "deposed": [],
                    "provider": ""
                },
                "aws_security_group.admin_instance": {
                    "type": "aws_security_group",
                    "depends_on": [
                        "aws_vpc.main"
                    ],
                    "primary": {
                        "id": "sg-5a5a4a21",
                        "attributes": {
                            "description": "Admin instances for the VPC",
                            "egress.#": "0",
                            "id": "sg-5a5a4a21",
                            "ingress.#": "0",
                            "name": "pipeline-devopsil-admin-instance",
                            "owner_id": "517449413234",
                            "tags.%": "5",
                            "tags.Name": "pipeline-devopsil-admin-instance",
                            "tags.account_name": "jive-infra-pipeline",
                            "tags.pipeline_phase": "pipeline-devopsil",
                            "tags.region": "us-west-2",
                            "tags.sla": "non-prod",
                            "vpc_id": "vpc-d947aebf"
                        },
                        "meta": {},
                        "tainted": false
                    },
                    "deposed": [],
                    "provider": ""
                },
                "aws_security_group.env_instance": {
                    "type": "aws_security_group",
                    "depends_on": [
                        "aws_vpc.main",
                        "data.aws_security_group.bastion"
                    ],
                    "primary": {
                        "id": "sg-c55949be",
                        "attributes": {
                            "description": "All instances within the evironment",
                            "egress.#": "1",
                            "egress.482069346.cidr_blocks.#": "1",
                            "egress.482069346.cidr_blocks.0": "0.0.0.0/0",
                            "egress.482069346.from_port": "0",
                            "egress.482069346.ipv6_cidr_blocks.#": "0",
                            "egress.482069346.prefix_list_ids.#": "0",
                            "egress.482069346.protocol": "-1",
                            "egress.482069346.security_groups.#": "0",
                            "egress.482069346.self": "false",
                            "egress.482069346.to_port": "0",
                            "id": "sg-c55949be",
                            "ingress.#": "3",
                            "ingress.2018012615.cidr_blocks.#": "0",
                            "ingress.2018012615.from_port": "22",
                            "ingress.2018012615.ipv6_cidr_blocks.#": "0",
                            "ingress.2018012615.protocol": "tcp",
                            "ingress.2018012615.security_groups.#": "1",
                            "ingress.2018012615.security_groups.461368761": "sg-e5aade83",
                            "ingress.2018012615.self": "false",
                            "ingress.2018012615.to_port": "22",
                            "ingress.3280021429.cidr_blocks.#": "1",
                            "ingress.3280021429.cidr_blocks.0": "10.0.0.0/8",
                            "ingress.3280021429.from_port": "8",
                            "ingress.3280021429.ipv6_cidr_blocks.#": "0",
                            "ingress.3280021429.protocol": "icmp",
                            "ingress.3280021429.security_groups.#": "0",
                            "ingress.3280021429.self": "false",
                            "ingress.3280021429.to_port": "0",
                            "ingress.3309089380.cidr_blocks.#": "0",
                            "ingress.3309089380.from_port": "8",
                            "ingress.3309089380.ipv6_cidr_blocks.#": "0",
                            "ingress.3309089380.protocol": "icmp",
                            "ingress.3309089380.security_groups.#": "1",
                            "ingress.3309089380.security_groups.461368761": "sg-e5aade83",
                            "ingress.3309089380.self": "false",
                            "ingress.3309089380.to_port": "0",
                            "name": "pipeline-devopsil-instance",
                            "owner_id": "517449413234",
                            "tags.%": "5",
                            "tags.Name": "pipeline-devopsil-instance",
                            "tags.account_name": "jive-infra-pipeline",
                            "tags.pipeline_phase": "pipeline-devopsil",
                            "tags.region": "us-west-2",
                            "tags.sla": "non-prod",
                            "vpc_id": "vpc-d947aebf"
                        },
                        "meta": {},
                        "tainted": false
                    },
                    "deposed": [],
                    "provider": ""
                },
                "aws_security_group.natgw_instance": {
                    "type": "aws_security_group",
                    "depends_on": [
                        "aws_security_group.env_instance",
                        "aws_vpc.main"
                    ],
                    "primary": {
                        "id": "sg-1b5b4b60",
                        "attributes": {
                            "description": "Members of this SG are allowed to send any type of traffic to the NAT Box.",
                            "egress.#": "0",
                            "id": "sg-1b5b4b60",
                            "ingress.#": "1",
                            "ingress.1263323088.cidr_blocks.#": "0",
                            "ingress.1263323088.from_port": "0",
                            "ingress.1263323088.ipv6_cidr_blocks.#": "0",
                            "ingress.1263323088.protocol": "-1",
                            "ingress.1263323088.security_groups.#": "1",
                            "ingress.1263323088.security_groups.781956028": "sg-c55949be",
                            "ingress.1263323088.self": "false",
                            "ingress.1263323088.to_port": "0",
                            "name": "pipeline-devopsil-natgw-instance",
                            "owner_id": "517449413234",
                            "tags.%": "5",
                            "tags.Name": "pipeline-devopsil-natgw-instance",
                            "tags.account_name": "jive-infra-pipeline",
                            "tags.pipeline_phase": "pipeline-devopsil",
                            "tags.region": "us-west-2",
                            "tags.sla": "non-prod",
                            "vpc_id": "vpc-d947aebf"
                        },
                        "meta": {},
                        "tainted": false
                    },
                    "deposed": [],
                    "provider": ""
                },
                "aws_subnet.natdc.0": {
                    "type": "aws_subnet",
                    "depends_on": [
                        "aws_vpc.main"
                    ],
                    "primary": {
                        "id": "subnet-e6e3beaf",
                        "attributes": {
                            "assign_ipv6_address_on_creation": "false",
                            "availability_zone": "us-west-2a",
                            "cidr_block": "10.122.16.0/22",
                            "id": "subnet-e6e3beaf",
                            "map_public_ip_on_launch": "false",
                            "tags.%": "7",
                            "tags.KubernetesCluster": "us-west-2_jive-infra-pipeline-devopsil",
                            "tags.Name": "pipeline-devopsil-natdc-subnet",
                            "tags.account_name": "jive-infra-pipeline",
                            "tags.kubernetes.io/role/internal-elb": "us-west-2_jive-infra-pipeline-devopsil",
                            "tags.pipeline_phase": "pipeline-devopsil",
                            "tags.region": "us-west-2",
                            "tags.sla": "non-prod",
                            "vpc_id": "vpc-d947aebf"
                        },
                        "meta": {},
                        "tainted": false
                    },
                    "deposed": [],
                    "provider": ""
                },
                "aws_subnet.natdc.1": {
                    "type": "aws_subnet",
                    "depends_on": [
                        "aws_vpc.main"
                    ],
                    "primary": {
                        "id": "subnet-a14a4fc6",
                        "attributes": {
                            "assign_ipv6_address_on_creation": "false",
                            "availability_zone": "us-west-2b",
                            "cidr_block": "10.122.20.0/22",
                            "id": "subnet-a14a4fc6",
                            "map_public_ip_on_launch": "false",
                            "tags.%": "7",
                            "tags.KubernetesCluster": "us-west-2_jive-infra-pipeline-devopsil",
                            "tags.Name": "pipeline-devopsil-natdc-subnet",
                            "tags.account_name": "jive-infra-pipeline",
                            "tags.kubernetes.io/role/internal-elb": "us-west-2_jive-infra-pipeline-devopsil",
                            "tags.pipeline_phase": "pipeline-devopsil",
                            "tags.region": "us-west-2",
                            "tags.sla": "non-prod",
                            "vpc_id": "vpc-d947aebf"
                        },
                        "meta": {},
                        "tainted": false
                    },
                    "deposed": [],
                    "provider": ""
                },
                "aws_subnet.natdc.2": {
                    "type": "aws_subnet",
                    "depends_on": [
                        "aws_vpc.main"
                    ],
                    "primary": {
                        "id": "subnet-4a2df711",
                        "attributes": {
                            "assign_ipv6_address_on_creation": "false",
                            "availability_zone": "us-west-2c",
                            "cidr_block": "10.122.24.0/22",
                            "id": "subnet-4a2df711",
                            "map_public_ip_on_launch": "false",
                            "tags.%": "7",
                            "tags.KubernetesCluster": "us-west-2_jive-infra-pipeline-devopsil",
                            "tags.Name": "pipeline-devopsil-natdc-subnet",
                            "tags.account_name": "jive-infra-pipeline",
                            "tags.kubernetes.io/role/internal-elb": "us-west-2_jive-infra-pipeline-devopsil",
                            "tags.pipeline_phase": "pipeline-devopsil",
                            "tags.region": "us-west-2",
                            "tags.sla": "non-prod",
                            "vpc_id": "vpc-d947aebf"
                        },
                        "meta": {},
                        "tainted": false
                    },
                    "deposed": [],
                    "provider": ""
                },
                "aws_subnet.private.0": {
                    "type": "aws_subnet",
                    "depends_on": [
                        "aws_vpc.main"
                    ],
                    "primary": {
                        "id": "subnet-611c4028",
                        "attributes": {
                            "assign_ipv6_address_on_creation": "false",
                            "availability_zone": "us-west-2a",
                            "cidr_block": "10.122.29.128/25",
                            "id": "subnet-611c4028",
                            "map_public_ip_on_launch": "false",
                            "tags.%": "5",
                            "tags.Name": "pipeline-devopsil-private-subnet",
                            "tags.account_name": "jive-infra-pipeline",
                            "tags.pipeline_phase": "pipeline-devopsil",
                            "tags.region": "us-west-2",
                            "tags.sla": "non-prod",
                            "vpc_id": "vpc-d947aebf"
                        },
                        "meta": {},
                        "tainted": false
                    },
                    "deposed": [],
                    "provider": ""
                },
                "aws_subnet.private.1": {
                    "type": "aws_subnet",
                    "depends_on": [
                        "aws_vpc.main"
                    ],
                    "primary": {
                        "id": "subnet-01494c66",
                        "attributes": {
                            "assign_ipv6_address_on_creation": "false",
                            "availability_zone": "us-west-2b",
                            "cidr_block": "10.122.30.0/25",
                            "id": "subnet-01494c66",
                            "map_public_ip_on_launch": "false",
                            "tags.%": "5",
                            "tags.Name": "pipeline-devopsil-private-subnet",
                            "tags.account_name": "jive-infra-pipeline",
                            "tags.pipeline_phase": "pipeline-devopsil",
                            "tags.region": "us-west-2",
                            "tags.sla": "non-prod",
                            "vpc_id": "vpc-d947aebf"
                        },
                        "meta": {},
                        "tainted": false
                    },
                    "deposed": [],
                    "provider": ""
                },
                "aws_subnet.private.2": {
                    "type": "aws_subnet",
                    "depends_on": [
                        "aws_vpc.main"
                    ],
                    "primary": {
                        "id": "subnet-402ef41b",
                        "attributes": {
                            "assign_ipv6_address_on_creation": "false",
                            "availability_zone": "us-west-2c",
                            "cidr_block": "10.122.30.128/25",
                            "id": "subnet-402ef41b",
                            "map_public_ip_on_launch": "false",
                            "tags.%": "5",
                            "tags.Name": "pipeline-devopsil-private-subnet",
                            "tags.account_name": "jive-infra-pipeline",
                            "tags.pipeline_phase": "pipeline-devopsil",
                            "tags.region": "us-west-2",
                            "tags.sla": "non-prod",
                            "vpc_id": "vpc-d947aebf"
                        },
                        "meta": {},
                        "tainted": false
                    },
                    "deposed": [],
                    "provider": ""
                },
                "aws_subnet.public.0": {
                    "type": "aws_subnet",
                    "depends_on": [
                        "aws_vpc.main"
                    ],
                    "primary": {
                        "id": "subnet-c4e7ba8d",
                        "attributes": {
                            "assign_ipv6_address_on_creation": "false",
                            "availability_zone": "us-west-2a",
                            "cidr_block": "10.122.28.0/25",
                            "id": "subnet-c4e7ba8d",
                            "map_public_ip_on_launch": "false",
                            "tags.%": "6",
                            "tags.KubernetesCluster": "us-west-2_jive-infra-pipeline-devopsil",
                            "tags.Name": "pipeline-devopsil-public-subnet",
                            "tags.account_name": "jive-infra-pipeline",
                            "tags.pipeline_phase": "pipeline-devopsil",
                            "tags.region": "us-west-2",
                            "tags.sla": "non-prod",
                            "vpc_id": "vpc-d947aebf"
                        },
                        "meta": {},
                        "tainted": false
                    },
                    "deposed": [],
                    "provider": ""
                },
                "aws_subnet.public.1": {
                    "type": "aws_subnet",
                    "depends_on": [
                        "aws_vpc.main"
                    ],
                    "primary": {
                        "id": "subnet-02494c65",
                        "attributes": {
                            "assign_ipv6_address_on_creation": "false",
                            "availability_zone": "us-west-2b",
                            "cidr_block": "10.122.28.128/25",
                            "id": "subnet-02494c65",
                            "map_public_ip_on_launch": "false",
                            "tags.%": "6",
                            "tags.KubernetesCluster": "us-west-2_jive-infra-pipeline-devopsil",
                            "tags.Name": "pipeline-devopsil-public-subnet",
                            "tags.account_name": "jive-infra-pipeline",
                            "tags.pipeline_phase": "pipeline-devopsil",
                            "tags.region": "us-west-2",
                            "tags.sla": "non-prod",
                            "vpc_id": "vpc-d947aebf"
                        },
                        "meta": {},
                        "tainted": false
                    },
                    "deposed": [],
                    "provider": ""
                },
                "aws_subnet.public.2": {
                    "type": "aws_subnet",
                    "depends_on": [
                        "aws_vpc.main"
                    ],
                    "primary": {
                        "id": "subnet-c42ff59f",
                        "attributes": {
                            "assign_ipv6_address_on_creation": "false",
                            "availability_zone": "us-west-2c",
                            "cidr_block": "10.122.29.0/25",
                            "id": "subnet-c42ff59f",
                            "map_public_ip_on_launch": "false",
                            "tags.%": "6",
                            "tags.KubernetesCluster": "us-west-2_jive-infra-pipeline-devopsil",
                            "tags.Name": "pipeline-devopsil-public-subnet",
                            "tags.account_name": "jive-infra-pipeline",
                            "tags.pipeline_phase": "pipeline-devopsil",
                            "tags.region": "us-west-2",
                            "tags.sla": "non-prod",
                            "vpc_id": "vpc-d947aebf"
                        },
                        "meta": {},
                        "tainted": false
                    },
                    "deposed": [],
                    "provider": ""
                },
                "aws_vpc.main": {
                    "type": "aws_vpc",
                    "depends_on": [],
                    "primary": {
                        "id": "vpc-d947aebf",
                        "attributes": {
                            "assign_generated_ipv6_cidr_block": "false",
                            "cidr_block": "10.122.16.0/20",
                            "default_network_acl_id": "acl-873287e1",
                            "default_route_table_id": "rtb-fbbbd39d",
                            "default_security_group_id": "sg-a65747dd",
                            "dhcp_options_id": "dopt-bcf914d8",
                            "enable_classiclink": "false",
                            "enable_dns_hostnames": "true",
                            "enable_dns_support": "true",
                            "id": "vpc-d947aebf",
                            "instance_tenancy": "default",
                            "main_route_table_id": "rtb-fbbbd39d",
                            "tags.%": "5",
                            "tags.Name": "pipeline-devopsil-vpc",
                            "tags.account_name": "jive-infra-pipeline",
                            "tags.pipeline_phase": "pipeline-devopsil",
                            "tags.region": "us-west-2",
                            "tags.sla": "non-prod"
                        },
                        "meta": {
                            "schema_version": "1"
                        },
                        "tainted": false
                    },
                    "deposed": [],
                    "provider": ""
                },
                "aws_vpc_peering_connection.infra": {
                    "type": "aws_vpc_peering_connection",
                    "depends_on": [
                        "aws_vpc.main"
                    ],
                    "primary": {
                        "id": "pcx-583caf31",
                        "attributes": {
                            "accept_status": "active",
                            "accepter.#": "1",
                            "accepter.3244290774.allow_classic_link_to_remote_vpc": "false",
                            "accepter.3244290774.allow_remote_vpc_dns_resolution": "false",
                            "accepter.3244290774.allow_vpc_to_remote_classic_link": "false",
                            "auto_accept": "true",
                            "id": "pcx-583caf31",
                            "peer_owner_id": "517449413234",
                            "peer_vpc_id": "vpc-1f7b3d7b",
                            "requester.#": "1",
                            "requester.3244290774.allow_classic_link_to_remote_vpc": "false",
                            "requester.3244290774.allow_remote_vpc_dns_resolution": "false",
                            "requester.3244290774.allow_vpc_to_remote_classic_link": "false",
                            "tags.%": "5",
                            "tags.Name": "pipeline-devopsil_to_infra-jive-infra-pipeline",
                            "tags.account_name": "jive-infra-pipeline",
                            "tags.pipeline_phase": "pipeline-devopsil",
                            "tags.region": "us-west-2",
                            "tags.sla": "non-prod",
                            "vpc_id": "vpc-d947aebf"
                        },
                        "meta": {},
                        "tainted": false
                    },
                    "deposed": [],
                    "provider": ""
                },
                "aws_vpn_gateway.vgw": {
                    "type": "aws_vpn_gateway",
                    "depends_on": [
                        "aws_vpc.main"
                    ],
                    "primary": {
                        "id": "vgw-ba11caa4",
                        "attributes": {
                            "id": "vgw-ba11caa4",
                            "tags.%": "7",
                            "tags.Name": "pipeline-devopsil-vgw",
                            "tags.account_name": "jive-infra-pipeline",
                            "tags.jive_service": "infrastructure",
                            "tags.pipeline_phase": "pipeline-devopsil",
                            "tags.region": "us-west-2",
                            "tags.service_component": "vpn_gateway",
                            "tags.sla": "non-prod",
                            "vpc_id": "vpc-d947aebf"
                        },
                        "meta": {},
                        "tainted": false
                    },
                    "deposed": [],
                    "provider": ""
                },
                "data.aws_security_group.bastion": {
                    "type": "aws_security_group",
                    "depends_on": [],
                    "primary": {
                        "id": "sg-e5aade83",
                        "attributes": {
                            "filter.#": "1",
                            "filter.1988431066.name": "tag:jive_service",
                            "filter.1988431066.values.#": "1",
                            "filter.1988431066.values.2480389212": "infrastructure",
                            "id": "sg-e5aade83",
                            "name": "infra-pipeline-jive-phx-dc",
                            "tags.%": "6",
                            "tags.Name": "infra-pipeline-jive-phx-dc",
                            "tags.account_name": "jive-infra-pipeline",
                            "tags.jive_service": "infrastructure",
                            "tags.pipeline_phase": "infra-pipeline",
                            "tags.region": "us-west-2",
                            "tags.sla": "non-prod",
                            "vpc_id": "vpc-1f7b3d7b"
                        },
                        "meta": {},
                        "tainted": false
                    },
                    "deposed": [],
                    "provider": ""
                }
            },
            "depends_on": []
        }
    ]
}
