{
    "version": 3,
    "terraform_version": "0.9.4",
    "serial": 5,
    "lineage": "9887a44a-865b-4931-906a-1ac197c405e0",
    "modules": [
        {
            "path": [
                "root"
            ],
            "outputs": {},
            "resources": {
                "aws_eip.natgw.0": {
                    "type": "aws_eip",
                    "depends_on": [],
                    "primary": {
                        "id": "eipalloc-919285a1",
                        "attributes": {
                            "association_id": "eipassoc-af26069d",
                            "domain": "vpc",
                            "id": "eipalloc-919285a1",
                            "instance": "",
                            "network_interface": "eni-5601a541",
                            "private_ip": "10.126.74.78",
                            "public_ip": "34.193.60.71",
                            "vpc": "true"
                        },
                        "meta": {},
                        "tainted": false
                    },
                    "deposed": [],
                    "provider": ""
                },
                "aws_eip.natgw.1": {
                    "type": "aws_eip",
                    "depends_on": [],
                    "primary": {
                        "id": "eipalloc-5e96816e",
                        "attributes": {
                            "association_id": "eipassoc-d42808e6",
                            "domain": "vpc",
                            "id": "eipalloc-5e96816e",
                            "instance": "",
                            "network_interface": "eni-c2218c6d",
                            "private_ip": "10.126.74.184",
                            "public_ip": "34.226.243.232",
                            "vpc": "true"
                        },
                        "meta": {},
                        "tainted": false
                    },
                    "deposed": [],
                    "provider": ""
                },
                "aws_eip.natgw.2": {
                    "type": "aws_eip",
                    "depends_on": [],
                    "primary": {
                        "id": "eipalloc-38908708",
                        "attributes": {
                            "association_id": "eipassoc-0e2b0b3c",
                            "domain": "vpc",
                            "id": "eipalloc-38908708",
                            "instance": "",
                            "network_interface": "eni-2cc190ff",
                            "private_ip": "10.126.75.108",
                            "public_ip": "34.228.243.229",
                            "vpc": "true"
                        },
                        "meta": {},
                        "tainted": false
                    },
                    "deposed": [],
                    "provider": ""
                },
                "aws_eip.natgw.3": {
                    "type": "aws_eip",
                    "depends_on": [],
                    "primary": {
                        "id": "eipalloc-49938479",
                        "attributes": {
                            "association_id": "eipassoc-e62a0ad4",
                            "domain": "vpc",
                            "id": "eipalloc-49938479",
                            "instance": "",
                            "network_interface": "eni-a08b1409",
                            "private_ip": "10.126.75.219",
                            "public_ip": "34.203.175.89",
                            "vpc": "true"
                        },
                        "meta": {},
                        "tainted": false
                    },
                    "deposed": [],
                    "provider": ""
                },
                "aws_eip.natgw.4": {
                    "type": "aws_eip",
                    "depends_on": [],
                    "primary": {
                        "id": "eipalloc-d89285e8",
                        "attributes": {
                            "association_id": "eipassoc-0d2e0e3f",
                            "domain": "vpc",
                            "id": "eipalloc-d89285e8",
                            "instance": "",
                            "network_interface": "eni-4be9fd4a",
                            "private_ip": "10.126.76.29",
                            "public_ip": "34.227.167.122",
                            "vpc": "true"
                        },
                        "meta": {},
                        "tainted": false
                    },
                    "deposed": [],
                    "provider": ""
                },
                "aws_internet_gateway.igw": {
                    "type": "aws_internet_gateway",
                    "depends_on": [
                        "aws_vpc.main"
                    ],
                    "primary": {
                        "id": "igw-16317370",
                        "attributes": {
                            "id": "igw-16317370",
                            "tags.%": "5",
                            "tags.Name": "brewprod-igw",
                            "tags.account_name": "jive-reco-brewprod",
                            "tags.pipeline_phase": "brewprod",
                            "tags.region": "us-east-1",
                            "tags.sla": "prod",
                            "vpc_id": "vpc-a976ebd0"
                        },
                        "meta": {},
                        "tainted": false
                    },
                    "deposed": [],
                    "provider": ""
                },
                "aws_nat_gateway.natgw.0": {
                    "type": "aws_nat_gateway",
                    "depends_on": [
                        "aws_eip.natgw.*",
                        "aws_internet_gateway.igw",
                        "aws_subnet.public.*"
                    ],
                    "primary": {
                        "id": "nat-0b83fa4325f3715d5",
                        "attributes": {
                            "allocation_id": "eipalloc-919285a1",
                            "id": "nat-0b83fa4325f3715d5",
                            "network_interface_id": "eni-5601a541",
                            "private_ip": "10.126.74.78",
                            "public_ip": "34.193.60.71",
                            "subnet_id": "subnet-5e29cd3a"
                        },
                        "meta": {},
                        "tainted": false
                    },
                    "deposed": [],
                    "provider": ""
                },
                "aws_nat_gateway.natgw.1": {
                    "type": "aws_nat_gateway",
                    "depends_on": [
                        "aws_eip.natgw.*",
                        "aws_internet_gateway.igw",
                        "aws_subnet.public.*"
                    ],
                    "primary": {
                        "id": "nat-05a905daaa312ac74",
                        "attributes": {
                            "allocation_id": "eipalloc-5e96816e",
                            "id": "nat-05a905daaa312ac74",
                            "network_interface_id": "eni-c2218c6d",
                            "private_ip": "10.126.74.184",
                            "public_ip": "34.226.243.232",
                            "subnet_id": "subnet-2465f108"
                        },
                        "meta": {},
                        "tainted": false
                    },
                    "deposed": [],
                    "provider": ""
                },
                "aws_nat_gateway.natgw.2": {
                    "type": "aws_nat_gateway",
                    "depends_on": [
                        "aws_eip.natgw.*",
                        "aws_internet_gateway.igw",
                        "aws_subnet.public.*"
                    ],
                    "primary": {
                        "id": "nat-07ad5471bf2438c4c",
                        "attributes": {
                            "allocation_id": "eipalloc-38908708",
                            "id": "nat-07ad5471bf2438c4c",
                            "network_interface_id": "eni-2cc190ff",
                            "private_ip": "10.126.75.108",
                            "public_ip": "34.228.243.229",
                            "subnet_id": "subnet-ef410ea7"
                        },
                        "meta": {},
                        "tainted": false
                    },
                    "deposed": [],
                    "provider": ""
                },
                "aws_nat_gateway.natgw.3": {
                    "type": "aws_nat_gateway",
                    "depends_on": [
                        "aws_eip.natgw.*",
                        "aws_internet_gateway.igw",
                        "aws_subnet.public.*"
                    ],
                    "primary": {
                        "id": "nat-0d9cd442ae12ed5c5",
                        "attributes": {
                            "allocation_id": "eipalloc-49938479",
                            "id": "nat-0d9cd442ae12ed5c5",
                            "network_interface_id": "eni-a08b1409",
                            "private_ip": "10.126.75.219",
                            "public_ip": "34.203.175.89",
                            "subnet_id": "subnet-8828a4d2"
                        },
                        "meta": {},
                        "tainted": false
                    },
                    "deposed": [],
                    "provider": ""
                },
                "aws_nat_gateway.natgw.4": {
                    "type": "aws_nat_gateway",
                    "depends_on": [
                        "aws_eip.natgw.*",
                        "aws_internet_gateway.igw",
                        "aws_subnet.public.*"
                    ],
                    "primary": {
                        "id": "nat-06135a754f3f48d07",
                        "attributes": {
                            "allocation_id": "eipalloc-d89285e8",
                            "id": "nat-06135a754f3f48d07",
                            "network_interface_id": "eni-4be9fd4a",
                            "private_ip": "10.126.76.29",
                            "public_ip": "34.227.167.122",
                            "subnet_id": "subnet-d53731e9"
                        },
                        "meta": {},
                        "tainted": false
                    },
                    "deposed": [],
                    "provider": ""
                },
                "aws_route.bastion_natdc.0": {
                    "type": "aws_route",
                    "depends_on": [
                        "aws_route_table.natdc.*",
                        "aws_vpc_peering_connection.infra"
                    ],
                    "primary": {
                        "id": "r-rtb-ae85a5d62635885097",
                        "attributes": {
                            "destination_cidr_block": "10.127.52.7/32",
                            "destination_prefix_list_id": "",
                            "egress_only_gateway_id": "",
                            "gateway_id": "",
                            "id": "r-rtb-ae85a5d62635885097",
                            "instance_id": "",
                            "instance_owner_id": "",
                            "nat_gateway_id": "",
                            "network_interface_id": "",
                            "origin": "CreateRoute",
                            "route_table_id": "rtb-ae85a5d6",
                            "state": "active",
                            "vpc_peering_connection_id": "pcx-16c7b67f"
                        },
                        "meta": {},
                        "tainted": false
                    },
                    "deposed": [],
                    "provider": ""
                },
                "aws_route.bastion_natdc.1": {
                    "type": "aws_route",
                    "depends_on": [
                        "aws_route_table.natdc.*",
                        "aws_vpc_peering_connection.infra"
                    ],
                    "primary": {
                        "id": "r-rtb-14bd9d6c2635885097",
                        "attributes": {
                            "destination_cidr_block": "10.127.52.7/32",
                            "destination_prefix_list_id": "",
                            "egress_only_gateway_id": "",
                            "gateway_id": "",
                            "id": "r-rtb-14bd9d6c2635885097",
                            "instance_id": "",
                            "instance_owner_id": "",
                            "nat_gateway_id": "",
                            "network_interface_id": "",
                            "origin": "CreateRoute",
                            "route_table_id": "rtb-14bd9d6c",
                            "state": "active",
                            "vpc_peering_connection_id": "pcx-16c7b67f"
                        },
                        "meta": {},
                        "tainted": false
                    },
                    "deposed": [],
                    "provider": ""
                },
                "aws_route.bastion_natdc.2": {
                    "type": "aws_route",
                    "depends_on": [
                        "aws_route_table.natdc.*",
                        "aws_vpc_peering_connection.infra"
                    ],
                    "primary": {
                        "id": "r-rtb-3a86a6422635885097",
                        "attributes": {
                            "destination_cidr_block": "10.127.52.7/32",
                            "destination_prefix_list_id": "",
                            "egress_only_gateway_id": "",
                            "gateway_id": "",
                            "id": "r-rtb-3a86a6422635885097",
                            "instance_id": "",
                            "instance_owner_id": "",
                            "nat_gateway_id": "",
                            "network_interface_id": "",
                            "origin": "CreateRoute",
                            "route_table_id": "rtb-3a86a642",
                            "state": "active",
                            "vpc_peering_connection_id": "pcx-16c7b67f"
                        },
                        "meta": {},
                        "tainted": false
                    },
                    "deposed": [],
                    "provider": ""
                },
                "aws_route.bastion_natdc.3": {
                    "type": "aws_route",
                    "depends_on": [
                        "aws_route_table.natdc.*",
                        "aws_vpc_peering_connection.infra"
                    ],
                    "primary": {
                        "id": "r-rtb-15bd9d6d2635885097",
                        "attributes": {
                            "destination_cidr_block": "10.127.52.7/32",
                            "destination_prefix_list_id": "",
                            "egress_only_gateway_id": "",
                            "gateway_id": "",
                            "id": "r-rtb-15bd9d6d2635885097",
                            "instance_id": "",
                            "instance_owner_id": "",
                            "nat_gateway_id": "",
                            "network_interface_id": "",
                            "origin": "CreateRoute",
                            "route_table_id": "rtb-15bd9d6d",
                            "state": "active",
                            "vpc_peering_connection_id": "pcx-16c7b67f"
                        },
                        "meta": {},
                        "tainted": false
                    },
                    "deposed": [],
                    "provider": ""
                },
                "aws_route.bastion_natdc.4": {
                    "type": "aws_route",
                    "depends_on": [
                        "aws_route_table.natdc.*",
                        "aws_vpc_peering_connection.infra"
                    ],
                    "primary": {
                        "id": "r-rtb-8a80a0f22635885097",
                        "attributes": {
                            "destination_cidr_block": "10.127.52.7/32",
                            "destination_prefix_list_id": "",
                            "egress_only_gateway_id": "",
                            "gateway_id": "",
                            "id": "r-rtb-8a80a0f22635885097",
                            "instance_id": "",
                            "instance_owner_id": "",
                            "nat_gateway_id": "",
                            "network_interface_id": "",
                            "origin": "CreateRoute",
                            "route_table_id": "rtb-8a80a0f2",
                            "state": "active",
                            "vpc_peering_connection_id": "pcx-16c7b67f"
                        },
                        "meta": {},
                        "tainted": false
                    },
                    "deposed": [],
                    "provider": ""
                },
                "aws_route.bastion_private": {
                    "type": "aws_route",
                    "depends_on": [
                        "aws_route_table.private",
                        "aws_vpc_peering_connection.infra"
                    ],
                    "primary": {
                        "id": "r-rtb-6880a0102635885097",
                        "attributes": {
                            "destination_cidr_block": "10.127.52.7/32",
                            "destination_prefix_list_id": "",
                            "egress_only_gateway_id": "",
                            "gateway_id": "",
                            "id": "r-rtb-6880a0102635885097",
                            "instance_id": "",
                            "instance_owner_id": "",
                            "nat_gateway_id": "",
                            "network_interface_id": "",
                            "origin": "CreateRoute",
                            "route_table_id": "rtb-6880a010",
                            "state": "active",
                            "vpc_peering_connection_id": "pcx-16c7b67f"
                        },
                        "meta": {},
                        "tainted": false
                    },
                    "deposed": [],
                    "provider": ""
                },
                "aws_route.bastion_public": {
                    "type": "aws_route",
                    "depends_on": [
                        "aws_route_table.public",
                        "aws_vpc_peering_connection.infra"
                    ],
                    "primary": {
                        "id": "r-rtb-d984a4a12635885097",
                        "attributes": {
                            "destination_cidr_block": "10.127.52.7/32",
                            "destination_prefix_list_id": "",
                            "egress_only_gateway_id": "",
                            "gateway_id": "",
                            "id": "r-rtb-d984a4a12635885097",
                            "instance_id": "",
                            "instance_owner_id": "",
                            "nat_gateway_id": "",
                            "network_interface_id": "",
                            "origin": "CreateRoute",
                            "route_table_id": "rtb-d984a4a1",
                            "state": "active",
                            "vpc_peering_connection_id": "pcx-16c7b67f"
                        },
                        "meta": {},
                        "tainted": false
                    },
                    "deposed": [],
                    "provider": ""
                },
                "aws_route.infra_natdc.0": {
                    "type": "aws_route",
                    "depends_on": [
                        "aws_vpc_peering_connection.infra"
                    ],
                    "primary": {
                        "id": "r-rtb-c6cfefbe118812478",
                        "attributes": {
                            "destination_cidr_block": "10.126.64.0/20",
                            "destination_prefix_list_id": "",
                            "egress_only_gateway_id": "",
                            "gateway_id": "",
                            "id": "r-rtb-c6cfefbe118812478",
                            "instance_id": "",
                            "instance_owner_id": "",
                            "nat_gateway_id": "",
                            "network_interface_id": "",
                            "origin": "CreateRoute",
                            "route_table_id": "rtb-c6cfefbe",
                            "state": "active",
                            "vpc_peering_connection_id": "pcx-16c7b67f"
                        },
                        "meta": {},
                        "tainted": false
                    },
                    "deposed": [],
                    "provider": ""
                },
                "aws_route.infra_natdc.1": {
                    "type": "aws_route",
                    "depends_on": [
                        "aws_vpc_peering_connection.infra"
                    ],
                    "primary": {
                        "id": "r-rtb-2bc7e753118812478",
                        "attributes": {
                            "destination_cidr_block": "10.126.64.0/20",
                            "destination_prefix_list_id": "",
                            "egress_only_gateway_id": "",
                            "gateway_id": "",
                            "id": "r-rtb-2bc7e753118812478",
                            "instance_id": "",
                            "instance_owner_id": "",
                            "nat_gateway_id": "",
                            "network_interface_id": "",
                            "origin": "CreateRoute",
                            "route_table_id": "rtb-2bc7e753",
                            "state": "active",
                            "vpc_peering_connection_id": "pcx-16c7b67f"
                        },
                        "meta": {},
                        "tainted": false
                    },
                    "deposed": [],
                    "provider": ""
                },
                "aws_route.infra_natdc.2": {
                    "type": "aws_route",
                    "depends_on": [
                        "aws_vpc_peering_connection.infra"
                    ],
                    "primary": {
                        "id": "r-rtb-fbc8e883118812478",
                        "attributes": {
                            "destination_cidr_block": "10.126.64.0/20",
                            "destination_prefix_list_id": "",
                            "egress_only_gateway_id": "",
                            "gateway_id": "",
                            "id": "r-rtb-fbc8e883118812478",
                            "instance_id": "",
                            "instance_owner_id": "",
                            "nat_gateway_id": "",
                            "network_interface_id": "",
                            "origin": "CreateRoute",
                            "route_table_id": "rtb-fbc8e883",
                            "state": "active",
                            "vpc_peering_connection_id": "pcx-16c7b67f"
                        },
                        "meta": {},
                        "tainted": false
                    },
                    "deposed": [],
                    "provider": ""
                },
                "aws_route.infra_natdc.3": {
                    "type": "aws_route",
                    "depends_on": [
                        "aws_vpc_peering_connection.infra"
                    ],
                    "primary": {
                        "id": "r-rtb-00b19178118812478",
                        "attributes": {
                            "destination_cidr_block": "10.126.64.0/20",
                            "destination_prefix_list_id": "",
                            "egress_only_gateway_id": "",
                            "gateway_id": "",
                            "id": "r-rtb-00b19178118812478",
                            "instance_id": "",
                            "instance_owner_id": "",
                            "nat_gateway_id": "",
                            "network_interface_id": "",
                            "origin": "CreateRoute",
                            "route_table_id": "rtb-00b19178",
                            "state": "active",
                            "vpc_peering_connection_id": "pcx-16c7b67f"
                        },
                        "meta": {},
                        "tainted": false
                    },
                    "deposed": [],
                    "provider": ""
                },
                "aws_route.infra_natdc.4": {
                    "type": "aws_route",
                    "depends_on": [
                        "aws_vpc_peering_connection.infra"
                    ],
                    "primary": {
                        "id": "r-rtb-fcb99984118812478",
                        "attributes": {
                            "destination_cidr_block": "10.126.64.0/20",
                            "destination_prefix_list_id": "",
                            "egress_only_gateway_id": "",
                            "gateway_id": "",
                            "id": "r-rtb-fcb99984118812478",
                            "instance_id": "",
                            "instance_owner_id": "",
                            "nat_gateway_id": "",
                            "network_interface_id": "",
                            "origin": "CreateRoute",
                            "route_table_id": "rtb-fcb99984",
                            "state": "active",
                            "vpc_peering_connection_id": "pcx-16c7b67f"
                        },
                        "meta": {},
                        "tainted": false
                    },
                    "deposed": [],
                    "provider": ""
                },
                "aws_route.infra_private": {
                    "type": "aws_route",
                    "depends_on": [
                        "aws_vpc_peering_connection.infra"
                    ],
                    "primary": {
                        "id": "r-rtb-11caea69118812478",
                        "attributes": {
                            "destination_cidr_block": "10.126.64.0/20",
                            "destination_prefix_list_id": "",
                            "egress_only_gateway_id": "",
                            "gateway_id": "",
                            "id": "r-rtb-11caea69118812478",
                            "instance_id": "",
                            "instance_owner_id": "",
                            "nat_gateway_id": "",
                            "network_interface_id": "",
                            "origin": "CreateRoute",
                            "route_table_id": "rtb-11caea69",
                            "state": "active",
                            "vpc_peering_connection_id": "pcx-16c7b67f"
                        },
                        "meta": {},
                        "tainted": false
                    },
                    "deposed": [],
                    "provider": ""
                },
                "aws_route.infra_public": {
                    "type": "aws_route",
                    "depends_on": [
                        "aws_vpc_peering_connection.infra"
                    ],
                    "primary": {
                        "id": "r-rtb-8aceeef2118812478",
                        "attributes": {
                            "destination_cidr_block": "10.126.64.0/20",
                            "destination_prefix_list_id": "",
                            "egress_only_gateway_id": "",
                            "gateway_id": "",
                            "id": "r-rtb-8aceeef2118812478",
                            "instance_id": "",
                            "instance_owner_id": "",
                            "nat_gateway_id": "",
                            "network_interface_id": "",
                            "origin": "CreateRoute",
                            "route_table_id": "rtb-8aceeef2",
                            "state": "active",
                            "vpc_peering_connection_id": "pcx-16c7b67f"
                        },
                        "meta": {},
                        "tainted": false
                    },
                    "deposed": [],
                    "provider": ""
                },
                "aws_route.microservices_jcx_natdc.0": {
                    "type": "aws_route",
                    "depends_on": [
                        "aws_route_table.natdc.*"
                    ],
                    "primary": {
                        "id": "r-rtb-ae85a5d650443699",
                        "attributes": {
                            "destination_cidr_block": "10.125.112.0/20",
                            "destination_prefix_list_id": "",
                            "egress_only_gateway_id": "",
                            "gateway_id": "",
                            "id": "r-rtb-ae85a5d650443699",
                            "instance_id": "",
                            "instance_owner_id": "",
                            "nat_gateway_id": "",
                            "network_interface_id": "",
                            "origin": "CreateRoute",
                            "route_table_id": "rtb-ae85a5d6",
                            "state": "active",
                            "vpc_peering_connection_id": "pcx-fde09394"
                        },
                        "meta": {},
                        "tainted": false
                    },
                    "deposed": [],
                    "provider": ""
                },
                "aws_route.microservices_jcx_natdc.1": {
                    "type": "aws_route",
                    "depends_on": [
                        "aws_route_table.natdc.*"
                    ],
                    "primary": {
                        "id": "r-rtb-14bd9d6c50443699",
                        "attributes": {
                            "destination_cidr_block": "10.125.112.0/20",
                            "destination_prefix_list_id": "",
                            "egress_only_gateway_id": "",
                            "gateway_id": "",
                            "id": "r-rtb-14bd9d6c50443699",
                            "instance_id": "",
                            "instance_owner_id": "",
                            "nat_gateway_id": "",
                            "network_interface_id": "",
                            "origin": "CreateRoute",
                            "route_table_id": "rtb-14bd9d6c",
                            "state": "active",
                            "vpc_peering_connection_id": "pcx-fde09394"
                        },
                        "meta": {},
                        "tainted": false
                    },
                    "deposed": [],
                    "provider": ""
                },
                "aws_route.microservices_jcx_natdc.2": {
                    "type": "aws_route",
                    "depends_on": [
                        "aws_route_table.natdc.*"
                    ],
                    "primary": {
                        "id": "r-rtb-3a86a64250443699",
                        "attributes": {
                            "destination_cidr_block": "10.125.112.0/20",
                            "destination_prefix_list_id": "",
                            "egress_only_gateway_id": "",
                            "gateway_id": "",
                            "id": "r-rtb-3a86a64250443699",
                            "instance_id": "",
                            "instance_owner_id": "",
                            "nat_gateway_id": "",
                            "network_interface_id": "",
                            "origin": "CreateRoute",
                            "route_table_id": "rtb-3a86a642",
                            "state": "active",
                            "vpc_peering_connection_id": "pcx-fde09394"
                        },
                        "meta": {},
                        "tainted": false
                    },
                    "deposed": [],
                    "provider": ""
                },
                "aws_route.microservices_jcx_natdc.3": {
                    "type": "aws_route",
                    "depends_on": [
                        "aws_route_table.natdc.*"
                    ],
                    "primary": {
                        "id": "r-rtb-15bd9d6d50443699",
                        "attributes": {
                            "destination_cidr_block": "10.125.112.0/20",
                            "destination_prefix_list_id": "",
                            "egress_only_gateway_id": "",
                            "gateway_id": "",
                            "id": "r-rtb-15bd9d6d50443699",
                            "instance_id": "",
                            "instance_owner_id": "",
                            "nat_gateway_id": "",
                            "network_interface_id": "",
                            "origin": "CreateRoute",
                            "route_table_id": "rtb-15bd9d6d",
                            "state": "active",
                            "vpc_peering_connection_id": "pcx-fde09394"
                        },
                        "meta": {},
                        "tainted": false
                    },
                    "deposed": [],
                    "provider": ""
                },
                "aws_route.microservices_jcx_natdc.4": {
                    "type": "aws_route",
                    "depends_on": [
                        "aws_route_table.natdc.*"
                    ],
                    "primary": {
                        "id": "r-rtb-8a80a0f250443699",
                        "attributes": {
                            "destination_cidr_block": "10.125.112.0/20",
                            "destination_prefix_list_id": "",
                            "egress_only_gateway_id": "",
                            "gateway_id": "",
                            "id": "r-rtb-8a80a0f250443699",
                            "instance_id": "",
                            "instance_owner_id": "",
                            "nat_gateway_id": "",
                            "network_interface_id": "",
                            "origin": "CreateRoute",
                            "route_table_id": "rtb-8a80a0f2",
                            "state": "active",
                            "vpc_peering_connection_id": "pcx-fde09394"
                        },
                        "meta": {},
                        "tainted": false
                    },
                    "deposed": [],
                    "provider": ""
                },
                "aws_route.microservices_jcx_private": {
                    "type": "aws_route",
                    "depends_on": [
                        "aws_route_table.private"
                    ],
                    "primary": {
                        "id": "r-rtb-6880a01050443699",
                        "attributes": {
                            "destination_cidr_block": "10.125.112.0/20",
                            "destination_prefix_list_id": "",
                            "egress_only_gateway_id": "",
                            "gateway_id": "",
                            "id": "r-rtb-6880a01050443699",
                            "instance_id": "",
                            "instance_owner_id": "",
                            "nat_gateway_id": "",
                            "network_interface_id": "",
                            "origin": "CreateRoute",
                            "route_table_id": "rtb-6880a010",
                            "state": "active",
                            "vpc_peering_connection_id": "pcx-fde09394"
                        },
                        "meta": {},
                        "tainted": false
                    },
                    "deposed": [],
                    "provider": ""
                },
                "aws_route.microservices_jcx_public": {
                    "type": "aws_route",
                    "depends_on": [
                        "aws_route_table.public"
                    ],
                    "primary": {
                        "id": "r-rtb-d984a4a150443699",
                        "attributes": {
                            "destination_cidr_block": "10.125.112.0/20",
                            "destination_prefix_list_id": "",
                            "egress_only_gateway_id": "",
                            "gateway_id": "",
                            "id": "r-rtb-d984a4a150443699",
                            "instance_id": "",
                            "instance_owner_id": "",
                            "nat_gateway_id": "",
                            "network_interface_id": "",
                            "origin": "CreateRoute",
                            "route_table_id": "rtb-d984a4a1",
                            "state": "active",
                            "vpc_peering_connection_id": "pcx-fde09394"
                        },
                        "meta": {},
                        "tainted": false
                    },
                    "deposed": [],
                    "provider": ""
                },
                "aws_route.microservices_natdc.0": {
                    "type": "aws_route",
                    "depends_on": [
                        "aws_route_table.natdc.*"
                    ],
                    "primary": {
                        "id": "r-rtb-ae85a5d61818769564",
                        "attributes": {
                            "destination_cidr_block": "10.125.64.0/19",
                            "destination_prefix_list_id": "",
                            "egress_only_gateway_id": "",
                            "gateway_id": "",
                            "id": "r-rtb-ae85a5d61818769564",
                            "instance_id": "",
                            "instance_owner_id": "",
                            "nat_gateway_id": "",
                            "network_interface_id": "",
                            "origin": "CreateRoute",
                            "route_table_id": "rtb-ae85a5d6",
                            "state": "active",
                            "vpc_peering_connection_id": "pcx-7de19214"
                        },
                        "meta": {},
                        "tainted": false
                    },
                    "deposed": [],
                    "provider": ""
                },
                "aws_route.microservices_natdc.1": {
                    "type": "aws_route",
                    "depends_on": [
                        "aws_route_table.natdc.*"
                    ],
                    "primary": {
                        "id": "r-rtb-14bd9d6c1818769564",
                        "attributes": {
                            "destination_cidr_block": "10.125.64.0/19",
                            "destination_prefix_list_id": "",
                            "egress_only_gateway_id": "",
                            "gateway_id": "",
                            "id": "r-rtb-14bd9d6c1818769564",
                            "instance_id": "",
                            "instance_owner_id": "",
                            "nat_gateway_id": "",
                            "network_interface_id": "",
                            "origin": "CreateRoute",
                            "route_table_id": "rtb-14bd9d6c",
                            "state": "active",
                            "vpc_peering_connection_id": "pcx-7de19214"
                        },
                        "meta": {},
                        "tainted": false
                    },
                    "deposed": [],
                    "provider": ""
                },
                "aws_route.microservices_natdc.2": {
                    "type": "aws_route",
                    "depends_on": [
                        "aws_route_table.natdc.*"
                    ],
                    "primary": {
                        "id": "r-rtb-3a86a6421818769564",
                        "attributes": {
                            "destination_cidr_block": "10.125.64.0/19",
                            "destination_prefix_list_id": "",
                            "egress_only_gateway_id": "",
                            "gateway_id": "",
                            "id": "r-rtb-3a86a6421818769564",
                            "instance_id": "",
                            "instance_owner_id": "",
                            "nat_gateway_id": "",
                            "network_interface_id": "",
                            "origin": "CreateRoute",
                            "route_table_id": "rtb-3a86a642",
                            "state": "active",
                            "vpc_peering_connection_id": "pcx-7de19214"
                        },
                        "meta": {},
                        "tainted": false
                    },
                    "deposed": [],
                    "provider": ""
                },
                "aws_route.microservices_natdc.3": {
                    "type": "aws_route",
                    "depends_on": [
                        "aws_route_table.natdc.*"
                    ],
                    "primary": {
                        "id": "r-rtb-15bd9d6d1818769564",
                        "attributes": {
                            "destination_cidr_block": "10.125.64.0/19",
                            "destination_prefix_list_id": "",
                            "egress_only_gateway_id": "",
                            "gateway_id": "",
                            "id": "r-rtb-15bd9d6d1818769564",
                            "instance_id": "",
                            "instance_owner_id": "",
                            "nat_gateway_id": "",
                            "network_interface_id": "",
                            "origin": "CreateRoute",
                            "route_table_id": "rtb-15bd9d6d",
                            "state": "active",
                            "vpc_peering_connection_id": "pcx-7de19214"
                        },
                        "meta": {},
                        "tainted": false
                    },
                    "deposed": [],
                    "provider": ""
                },
                "aws_route.microservices_natdc.4": {
                    "type": "aws_route",
                    "depends_on": [
                        "aws_route_table.natdc.*"
                    ],
                    "primary": {
                        "id": "r-rtb-8a80a0f21818769564",
                        "attributes": {
                            "destination_cidr_block": "10.125.64.0/19",
                            "destination_prefix_list_id": "",
                            "egress_only_gateway_id": "",
                            "gateway_id": "",
                            "id": "r-rtb-8a80a0f21818769564",
                            "instance_id": "",
                            "instance_owner_id": "",
                            "nat_gateway_id": "",
                            "network_interface_id": "",
                            "origin": "CreateRoute",
                            "route_table_id": "rtb-8a80a0f2",
                            "state": "active",
                            "vpc_peering_connection_id": "pcx-7de19214"
                        },
                        "meta": {},
                        "tainted": false
                    },
                    "deposed": [],
                    "provider": ""
                },
                "aws_route.microservices_private": {
                    "type": "aws_route",
                    "depends_on": [
                        "aws_route_table.private"
                    ],
                    "primary": {
                        "id": "r-rtb-6880a0101818769564",
                        "attributes": {
                            "destination_cidr_block": "10.125.64.0/19",
                            "destination_prefix_list_id": "",
                            "egress_only_gateway_id": "",
                            "gateway_id": "",
                            "id": "r-rtb-6880a0101818769564",
                            "instance_id": "",
                            "instance_owner_id": "",
                            "nat_gateway_id": "",
                            "network_interface_id": "",
                            "origin": "CreateRoute",
                            "route_table_id": "rtb-6880a010",
                            "state": "active",
                            "vpc_peering_connection_id": "pcx-7de19214"
                        },
                        "meta": {},
                        "tainted": false
                    },
                    "deposed": [],
                    "provider": ""
                },
                "aws_route.microservices_public": {
                    "type": "aws_route",
                    "depends_on": [
                        "aws_route_table.public"
                    ],
                    "primary": {
                        "id": "r-rtb-d984a4a11818769564",
                        "attributes": {
                            "destination_cidr_block": "10.125.64.0/19",
                            "destination_prefix_list_id": "",
                            "egress_only_gateway_id": "",
                            "gateway_id": "",
                            "id": "r-rtb-d984a4a11818769564",
                            "instance_id": "",
                            "instance_owner_id": "",
                            "nat_gateway_id": "",
                            "network_interface_id": "",
                            "origin": "CreateRoute",
                            "route_table_id": "rtb-d984a4a1",
                            "state": "active",
                            "vpc_peering_connection_id": "pcx-7de19214"
                        },
                        "meta": {},
                        "tainted": false
                    },
                    "deposed": [],
                    "provider": ""
                },
                "aws_route53_zone_association.route53": {
                    "type": "aws_route53_zone_association",
                    "depends_on": [
                        "aws_vpc.main"
                    ],
                    "primary": {
                        "id": "Z3FK7RX5N4M7YS:vpc-a976ebd0",
                        "attributes": {
                            "id": "Z3FK7RX5N4M7YS:vpc-a976ebd0",
                            "vpc_id": "vpc-a976ebd0",
                            "vpc_region": "us-east-1",
                            "zone_id": "Z3FK7RX5N4M7YS"
                        },
                        "meta": {},
                        "tainted": false
                    },
                    "deposed": [],
                    "provider": ""
                },
                "aws_route_table.natdc.0": {
                    "type": "aws_route_table",
                    "depends_on": [
                        "aws_nat_gateway.natgw.*",
                        "aws_vpc.main",
                        "aws_vpn_gateway.vgw"
                    ],
                    "primary": {
                        "id": "rtb-ae85a5d6",
                        "attributes": {
                            "id": "rtb-ae85a5d6",
                            "propagating_vgws.#": "1",
                            "propagating_vgws.938473898": "vgw-ec8b6085",
                            "route.#": "4",
                            "route.299180641.cidr_block": "0.0.0.0/0",
                            "route.299180641.egress_only_gateway_id": "",
                            "route.299180641.gateway_id": "",
                            "route.299180641.instance_id": "",
                            "route.299180641.ipv6_cidr_block": "",
                            "route.299180641.nat_gateway_id": "nat-0b83fa4325f3715d5",
                            "route.299180641.network_interface_id": "",
                            "route.299180641.vpc_peering_connection_id": "",
                            "route.3332115332.cidr_block": "10.127.52.7/32",
                            "route.3332115332.egress_only_gateway_id": "",
                            "route.3332115332.gateway_id": "",
                            "route.3332115332.instance_id": "",
                            "route.3332115332.ipv6_cidr_block": "",
                            "route.3332115332.nat_gateway_id": "",
                            "route.3332115332.network_interface_id": "",
                            "route.3332115332.vpc_peering_connection_id": "pcx-16c7b67f",
                            "route.3521883319.cidr_block": "10.125.64.0/19",
                            "route.3521883319.egress_only_gateway_id": "",
                            "route.3521883319.gateway_id": "",
                            "route.3521883319.instance_id": "",
                            "route.3521883319.ipv6_cidr_block": "",
                            "route.3521883319.nat_gateway_id": "",
                            "route.3521883319.network_interface_id": "",
                            "route.3521883319.vpc_peering_connection_id": "pcx-7de19214",
                            "route.654840558.cidr_block": "10.125.112.0/20",
                            "route.654840558.egress_only_gateway_id": "",
                            "route.654840558.gateway_id": "",
                            "route.654840558.instance_id": "",
                            "route.654840558.ipv6_cidr_block": "",
                            "route.654840558.nat_gateway_id": "",
                            "route.654840558.network_interface_id": "",
                            "route.654840558.vpc_peering_connection_id": "pcx-fde09394",
                            "tags.%": "5",
                            "tags.Name": "brewprod-natdc-routetable",
                            "tags.account_name": "jive-reco-brewprod",
                            "tags.pipeline_phase": "brewprod",
                            "tags.region": "us-east-1",
                            "tags.sla": "prod",
                            "vpc_id": "vpc-a976ebd0"
                        },
                        "meta": {},
                        "tainted": false
                    },
                    "deposed": [],
                    "provider": ""
                },
                "aws_route_table.natdc.1": {
                    "type": "aws_route_table",
                    "depends_on": [
                        "aws_nat_gateway.natgw.*",
                        "aws_vpc.main",
                        "aws_vpn_gateway.vgw"
                    ],
                    "primary": {
                        "id": "rtb-14bd9d6c",
                        "attributes": {
                            "id": "rtb-14bd9d6c",
                            "propagating_vgws.#": "1",
                            "propagating_vgws.938473898": "vgw-ec8b6085",
                            "route.#": "4",
                            "route.250896677.cidr_block": "0.0.0.0/0",
                            "route.250896677.egress_only_gateway_id": "",
                            "route.250896677.gateway_id": "",
                            "route.250896677.instance_id": "",
                            "route.250896677.ipv6_cidr_block": "",
                            "route.250896677.nat_gateway_id": "nat-05a905daaa312ac74",
                            "route.250896677.network_interface_id": "",
                            "route.250896677.vpc_peering_connection_id": "",
                            "route.3332115332.cidr_block": "10.127.52.7/32",
                            "route.3332115332.egress_only_gateway_id": "",
                            "route.3332115332.gateway_id": "",
                            "route.3332115332.instance_id": "",
                            "route.3332115332.ipv6_cidr_block": "",
                            "route.3332115332.nat_gateway_id": "",
                            "route.3332115332.network_interface_id": "",
                            "route.3332115332.vpc_peering_connection_id": "pcx-16c7b67f",
                            "route.3521883319.cidr_block": "10.125.64.0/19",
                            "route.3521883319.egress_only_gateway_id": "",
                            "route.3521883319.gateway_id": "",
                            "route.3521883319.instance_id": "",
                            "route.3521883319.ipv6_cidr_block": "",
                            "route.3521883319.nat_gateway_id": "",
                            "route.3521883319.network_interface_id": "",
                            "route.3521883319.vpc_peering_connection_id": "pcx-7de19214",
                            "route.654840558.cidr_block": "10.125.112.0/20",
                            "route.654840558.egress_only_gateway_id": "",
                            "route.654840558.gateway_id": "",
                            "route.654840558.instance_id": "",
                            "route.654840558.ipv6_cidr_block": "",
                            "route.654840558.nat_gateway_id": "",
                            "route.654840558.network_interface_id": "",
                            "route.654840558.vpc_peering_connection_id": "pcx-fde09394",
                            "tags.%": "5",
                            "tags.Name": "brewprod-natdc-routetable",
                            "tags.account_name": "jive-reco-brewprod",
                            "tags.pipeline_phase": "brewprod",
                            "tags.region": "us-east-1",
                            "tags.sla": "prod",
                            "vpc_id": "vpc-a976ebd0"
                        },
                        "meta": {},
                        "tainted": false
                    },
                    "deposed": [],
                    "provider": ""
                },
                "aws_route_table.natdc.2": {
                    "type": "aws_route_table",
                    "depends_on": [
                        "aws_nat_gateway.natgw.*",
                        "aws_vpc.main",
                        "aws_vpn_gateway.vgw"
                    ],
                    "primary": {
                        "id": "rtb-3a86a642",
                        "attributes": {
                            "id": "rtb-3a86a642",
                            "propagating_vgws.#": "1",
                            "propagating_vgws.938473898": "vgw-ec8b6085",
                            "route.#": "4",
                            "route.3332115332.cidr_block": "10.127.52.7/32",
                            "route.3332115332.egress_only_gateway_id": "",
                            "route.3332115332.gateway_id": "",
                            "route.3332115332.instance_id": "",
                            "route.3332115332.ipv6_cidr_block": "",
                            "route.3332115332.nat_gateway_id": "",
                            "route.3332115332.network_interface_id": "",
                            "route.3332115332.vpc_peering_connection_id": "pcx-16c7b67f",
                            "route.3521883319.cidr_block": "10.125.64.0/19",
                            "route.3521883319.egress_only_gateway_id": "",
                            "route.3521883319.gateway_id": "",
                            "route.3521883319.instance_id": "",
                            "route.3521883319.ipv6_cidr_block": "",
                            "route.3521883319.nat_gateway_id": "",
                            "route.3521883319.network_interface_id": "",
                            "route.3521883319.vpc_peering_connection_id": "pcx-7de19214",
                            "route.600240053.cidr_block": "0.0.0.0/0",
                            "route.600240053.egress_only_gateway_id": "",
                            "route.600240053.gateway_id": "",
                            "route.600240053.instance_id": "",
                            "route.600240053.ipv6_cidr_block": "",
                            "route.600240053.nat_gateway_id": "nat-07ad5471bf2438c4c",
                            "route.600240053.network_interface_id": "",
                            "route.600240053.vpc_peering_connection_id": "",
                            "route.654840558.cidr_block": "10.125.112.0/20",
                            "route.654840558.egress_only_gateway_id": "",
                            "route.654840558.gateway_id": "",
                            "route.654840558.instance_id": "",
                            "route.654840558.ipv6_cidr_block": "",
                            "route.654840558.nat_gateway_id": "",
                            "route.654840558.network_interface_id": "",
                            "route.654840558.vpc_peering_connection_id": "pcx-fde09394",
                            "tags.%": "5",
                            "tags.Name": "brewprod-natdc-routetable",
                            "tags.account_name": "jive-reco-brewprod",
                            "tags.pipeline_phase": "brewprod",
                            "tags.region": "us-east-1",
                            "tags.sla": "prod",
                            "vpc_id": "vpc-a976ebd0"
                        },
                        "meta": {},
                        "tainted": false
                    },
                    "deposed": [],
                    "provider": ""
                },
                "aws_route_table.natdc.3": {
                    "type": "aws_route_table",
                    "depends_on": [
                        "aws_nat_gateway.natgw.*",
                        "aws_vpc.main",
                        "aws_vpn_gateway.vgw"
                    ],
                    "primary": {
                        "id": "rtb-15bd9d6d",
                        "attributes": {
                            "id": "rtb-15bd9d6d",
                            "propagating_vgws.#": "1",
                            "propagating_vgws.938473898": "vgw-ec8b6085",
                            "route.#": "4",
                            "route.1698887508.cidr_block": "0.0.0.0/0",
                            "route.1698887508.egress_only_gateway_id": "",
                            "route.1698887508.gateway_id": "",
                            "route.1698887508.instance_id": "",
                            "route.1698887508.ipv6_cidr_block": "",
                            "route.1698887508.nat_gateway_id": "nat-0d9cd442ae12ed5c5",
                            "route.1698887508.network_interface_id": "",
                            "route.1698887508.vpc_peering_connection_id": "",
                            "route.3332115332.cidr_block": "10.127.52.7/32",
                            "route.3332115332.egress_only_gateway_id": "",
                            "route.3332115332.gateway_id": "",
                            "route.3332115332.instance_id": "",
                            "route.3332115332.ipv6_cidr_block": "",
                            "route.3332115332.nat_gateway_id": "",
                            "route.3332115332.network_interface_id": "",
                            "route.3332115332.vpc_peering_connection_id": "pcx-16c7b67f",
                            "route.3521883319.cidr_block": "10.125.64.0/19",
                            "route.3521883319.egress_only_gateway_id": "",
                            "route.3521883319.gateway_id": "",
                            "route.3521883319.instance_id": "",
                            "route.3521883319.ipv6_cidr_block": "",
                            "route.3521883319.nat_gateway_id": "",
                            "route.3521883319.network_interface_id": "",
                            "route.3521883319.vpc_peering_connection_id": "pcx-7de19214",
                            "route.654840558.cidr_block": "10.125.112.0/20",
                            "route.654840558.egress_only_gateway_id": "",
                            "route.654840558.gateway_id": "",
                            "route.654840558.instance_id": "",
                            "route.654840558.ipv6_cidr_block": "",
                            "route.654840558.nat_gateway_id": "",
                            "route.654840558.network_interface_id": "",
                            "route.654840558.vpc_peering_connection_id": "pcx-fde09394",
                            "tags.%": "5",
                            "tags.Name": "brewprod-natdc-routetable",
                            "tags.account_name": "jive-reco-brewprod",
                            "tags.pipeline_phase": "brewprod",
                            "tags.region": "us-east-1",
                            "tags.sla": "prod",
                            "vpc_id": "vpc-a976ebd0"
                        },
                        "meta": {},
                        "tainted": false
                    },
                    "deposed": [],
                    "provider": ""
                },
                "aws_route_table.natdc.4": {
                    "type": "aws_route_table",
                    "depends_on": [
                        "aws_nat_gateway.natgw.*",
                        "aws_vpc.main",
                        "aws_vpn_gateway.vgw"
                    ],
                    "primary": {
                        "id": "rtb-8a80a0f2",
                        "attributes": {
                            "id": "rtb-8a80a0f2",
                            "propagating_vgws.#": "1",
                            "propagating_vgws.938473898": "vgw-ec8b6085",
                            "route.#": "4",
                            "route.2972125646.cidr_block": "0.0.0.0/0",
                            "route.2972125646.egress_only_gateway_id": "",
                            "route.2972125646.gateway_id": "",
                            "route.2972125646.instance_id": "",
                            "route.2972125646.ipv6_cidr_block": "",
                            "route.2972125646.nat_gateway_id": "nat-06135a754f3f48d07",
                            "route.2972125646.network_interface_id": "",
                            "route.2972125646.vpc_peering_connection_id": "",
                            "route.3332115332.cidr_block": "10.127.52.7/32",
                            "route.3332115332.egress_only_gateway_id": "",
                            "route.3332115332.gateway_id": "",
                            "route.3332115332.instance_id": "",
                            "route.3332115332.ipv6_cidr_block": "",
                            "route.3332115332.nat_gateway_id": "",
                            "route.3332115332.network_interface_id": "",
                            "route.3332115332.vpc_peering_connection_id": "pcx-16c7b67f",
                            "route.3521883319.cidr_block": "10.125.64.0/19",
                            "route.3521883319.egress_only_gateway_id": "",
                            "route.3521883319.gateway_id": "",
                            "route.3521883319.instance_id": "",
                            "route.3521883319.ipv6_cidr_block": "",
                            "route.3521883319.nat_gateway_id": "",
                            "route.3521883319.network_interface_id": "",
                            "route.3521883319.vpc_peering_connection_id": "pcx-7de19214",
                            "route.654840558.cidr_block": "10.125.112.0/20",
                            "route.654840558.egress_only_gateway_id": "",
                            "route.654840558.gateway_id": "",
                            "route.654840558.instance_id": "",
                            "route.654840558.ipv6_cidr_block": "",
                            "route.654840558.nat_gateway_id": "",
                            "route.654840558.network_interface_id": "",
                            "route.654840558.vpc_peering_connection_id": "pcx-fde09394",
                            "tags.%": "5",
                            "tags.Name": "brewprod-natdc-routetable",
                            "tags.account_name": "jive-reco-brewprod",
                            "tags.pipeline_phase": "brewprod",
                            "tags.region": "us-east-1",
                            "tags.sla": "prod",
                            "vpc_id": "vpc-a976ebd0"
                        },
                        "meta": {},
                        "tainted": false
                    },
                    "deposed": [],
                    "provider": ""
                },
                "aws_route_table.private": {
                    "type": "aws_route_table",
                    "depends_on": [
                        "aws_vpc.main"
                    ],
                    "primary": {
                        "id": "rtb-6880a010",
                        "attributes": {
                            "id": "rtb-6880a010",
                            "propagating_vgws.#": "0",
                            "route.#": "3",
                            "route.3332115332.cidr_block": "10.127.52.7/32",
                            "route.3332115332.egress_only_gateway_id": "",
                            "route.3332115332.gateway_id": "",
                            "route.3332115332.instance_id": "",
                            "route.3332115332.ipv6_cidr_block": "",
                            "route.3332115332.nat_gateway_id": "",
                            "route.3332115332.network_interface_id": "",
                            "route.3332115332.vpc_peering_connection_id": "pcx-16c7b67f",
                            "route.3521883319.cidr_block": "10.125.64.0/19",
                            "route.3521883319.egress_only_gateway_id": "",
                            "route.3521883319.gateway_id": "",
                            "route.3521883319.instance_id": "",
                            "route.3521883319.ipv6_cidr_block": "",
                            "route.3521883319.nat_gateway_id": "",
                            "route.3521883319.network_interface_id": "",
                            "route.3521883319.vpc_peering_connection_id": "pcx-7de19214",
                            "route.654840558.cidr_block": "10.125.112.0/20",
                            "route.654840558.egress_only_gateway_id": "",
                            "route.654840558.gateway_id": "",
                            "route.654840558.instance_id": "",
                            "route.654840558.ipv6_cidr_block": "",
                            "route.654840558.nat_gateway_id": "",
                            "route.654840558.network_interface_id": "",
                            "route.654840558.vpc_peering_connection_id": "pcx-fde09394",
                            "tags.%": "5",
                            "tags.Name": "brewprod-private-routetable",
                            "tags.account_name": "jive-reco-brewprod",
                            "tags.pipeline_phase": "brewprod",
                            "tags.region": "us-east-1",
                            "tags.sla": "prod",
                            "vpc_id": "vpc-a976ebd0"
                        },
                        "meta": {},
                        "tainted": false
                    },
                    "deposed": [],
                    "provider": ""
                },
                "aws_route_table.public": {
                    "type": "aws_route_table",
                    "depends_on": [
                        "aws_internet_gateway.igw",
                        "aws_vpc.main"
                    ],
                    "primary": {
                        "id": "rtb-d984a4a1",
                        "attributes": {
                            "id": "rtb-d984a4a1",
                            "propagating_vgws.#": "0",
                            "route.#": "4",
                            "route.1006590386.cidr_block": "0.0.0.0/0",
                            "route.1006590386.egress_only_gateway_id": "",
                            "route.1006590386.gateway_id": "igw-16317370",
                            "route.1006590386.instance_id": "",
                            "route.1006590386.ipv6_cidr_block": "",
                            "route.1006590386.nat_gateway_id": "",
                            "route.1006590386.network_interface_id": "",
                            "route.1006590386.vpc_peering_connection_id": "",
                            "route.3332115332.cidr_block": "10.127.52.7/32",
                            "route.3332115332.egress_only_gateway_id": "",
                            "route.3332115332.gateway_id": "",
                            "route.3332115332.instance_id": "",
                            "route.3332115332.ipv6_cidr_block": "",
                            "route.3332115332.nat_gateway_id": "",
                            "route.3332115332.network_interface_id": "",
                            "route.3332115332.vpc_peering_connection_id": "pcx-16c7b67f",
                            "route.3521883319.cidr_block": "10.125.64.0/19",
                            "route.3521883319.egress_only_gateway_id": "",
                            "route.3521883319.gateway_id": "",
                            "route.3521883319.instance_id": "",
                            "route.3521883319.ipv6_cidr_block": "",
                            "route.3521883319.nat_gateway_id": "",
                            "route.3521883319.network_interface_id": "",
                            "route.3521883319.vpc_peering_connection_id": "pcx-7de19214",
                            "route.654840558.cidr_block": "10.125.112.0/20",
                            "route.654840558.egress_only_gateway_id": "",
                            "route.654840558.gateway_id": "",
                            "route.654840558.instance_id": "",
                            "route.654840558.ipv6_cidr_block": "",
                            "route.654840558.nat_gateway_id": "",
                            "route.654840558.network_interface_id": "",
                            "route.654840558.vpc_peering_connection_id": "pcx-fde09394",
                            "tags.%": "6",
                            "tags.KubernetesCluster": "us-east-1_jive-reco-brewprod",
                            "tags.Name": "brewprod-public-routetable",
                            "tags.account_name": "jive-reco-brewprod",
                            "tags.pipeline_phase": "brewprod",
                            "tags.region": "us-east-1",
                            "tags.sla": "prod",
                            "vpc_id": "vpc-a976ebd0"
                        },
                        "meta": {},
                        "tainted": false
                    },
                    "deposed": [],
                    "provider": ""
                },
                "aws_route_table_association.natdc.0": {
                    "type": "aws_route_table_association",
                    "depends_on": [
                        "aws_route_table.natdc.*",
                        "aws_subnet.natdc.*"
                    ],
                    "primary": {
                        "id": "rtbassoc-b3beadc8",
                        "attributes": {
                            "id": "rtbassoc-b3beadc8",
                            "route_table_id": "rtb-ae85a5d6",
                            "subnet_id": "subnet-5368fc7f"
                        },
                        "meta": {},
                        "tainted": false
                    },
                    "deposed": [],
                    "provider": ""
                },
                "aws_route_table_association.natdc.1": {
                    "type": "aws_route_table_association",
                    "depends_on": [
                        "aws_route_table.natdc.*",
                        "aws_subnet.natdc.*"
                    ],
                    "primary": {
                        "id": "rtbassoc-40baa93b",
                        "attributes": {
                            "id": "rtbassoc-40baa93b",
                            "route_table_id": "rtb-14bd9d6c",
                            "subnet_id": "subnet-eb4609a3"
                        },
                        "meta": {},
                        "tainted": false
                    },
                    "deposed": [],
                    "provider": ""
                },
                "aws_route_table_association.natdc.2": {
                    "type": "aws_route_table_association",
                    "depends_on": [
                        "aws_route_table.natdc.*",
                        "aws_subnet.natdc.*"
                    ],
                    "primary": {
                        "id": "rtbassoc-10bead6b",
                        "attributes": {
                            "id": "rtbassoc-10bead6b",
                            "route_table_id": "rtb-3a86a642",
                            "subnet_id": "subnet-3722ae6d"
                        },
                        "meta": {},
                        "tainted": false
                    },
                    "deposed": [],
                    "provider": ""
                },
                "aws_route_table_association.natdc.3": {
                    "type": "aws_route_table_association",
                    "depends_on": [
                        "aws_route_table.natdc.*",
                        "aws_subnet.natdc.*"
                    ],
                    "primary": {
                        "id": "rtbassoc-dcbaa9a7",
                        "attributes": {
                            "id": "rtbassoc-dcbaa9a7",
                            "route_table_id": "rtb-15bd9d6d",
                            "subnet_id": "subnet-c4383ef8"
                        },
                        "meta": {},
                        "tainted": false
                    },
                    "deposed": [],
                    "provider": ""
                },
                "aws_route_table_association.natdc.4": {
                    "type": "aws_route_table_association",
                    "depends_on": [
                        "aws_route_table.natdc.*",
                        "aws_subnet.natdc.*"
                    ],
                    "primary": {
                        "id": "rtbassoc-0ebba875",
                        "attributes": {
                            "id": "rtbassoc-0ebba875",
                            "route_table_id": "rtb-8a80a0f2",
                            "subnet_id": "subnet-4e2cc82a"
                        },
                        "meta": {},
                        "tainted": false
                    },
                    "deposed": [],
                    "provider": ""
                },
                "aws_route_table_association.private.0": {
                    "type": "aws_route_table_association",
                    "depends_on": [
                        "aws_route_table.private",
                        "aws_subnet.private.*"
                    ],
                    "primary": {
                        "id": "rtbassoc-c6bba8bd",
                        "attributes": {
                            "id": "rtbassoc-c6bba8bd",
                            "route_table_id": "rtb-6880a010",
                            "subnet_id": "subnet-bf21c5db"
                        },
                        "meta": {},
                        "tainted": false
                    },
                    "deposed": [],
                    "provider": ""
                },
                "aws_route_table_association.private.1": {
                    "type": "aws_route_table_association",
                    "depends_on": [
                        "aws_route_table.private",
                        "aws_subnet.private.*"
                    ],
                    "primary": {
                        "id": "rtbassoc-4ea2b135",
                        "attributes": {
                            "id": "rtbassoc-4ea2b135",
                            "route_table_id": "rtb-6880a010",
                            "subnet_id": "subnet-3d6df911"
                        },
                        "meta": {},
                        "tainted": false
                    },
                    "deposed": [],
                    "provider": ""
                },
                "aws_route_table_association.private.2": {
                    "type": "aws_route_table_association",
                    "depends_on": [
                        "aws_route_table.private",
                        "aws_subnet.private.*"
                    ],
                    "primary": {
                        "id": "rtbassoc-30b9aa4b",
                        "attributes": {
                            "id": "rtbassoc-30b9aa4b",
                            "route_table_id": "rtb-6880a010",
                            "subnet_id": "subnet-3b400f73"
                        },
                        "meta": {},
                        "tainted": false
                    },
                    "deposed": [],
                    "provider": ""
                },
                "aws_route_table_association.private.3": {
                    "type": "aws_route_table_association",
                    "depends_on": [
                        "aws_route_table.private",
                        "aws_subnet.private.*"
                    ],
                    "primary": {
                        "id": "rtbassoc-21b0a35a",
                        "attributes": {
                            "id": "rtbassoc-21b0a35a",
                            "route_table_id": "rtb-6880a010",
                            "subnet_id": "subnet-4d28a417"
                        },
                        "meta": {},
                        "tainted": false
                    },
                    "deposed": [],
                    "provider": ""
                },
                "aws_route_table_association.private.4": {
                    "type": "aws_route_table_association",
                    "depends_on": [
                        "aws_route_table.private",
                        "aws_subnet.private.*"
                    ],
                    "primary": {
                        "id": "rtbassoc-eebdae95",
                        "attributes": {
                            "id": "rtbassoc-eebdae95",
                            "route_table_id": "rtb-6880a010",
                            "subnet_id": "subnet-843335b8"
                        },
                        "meta": {},
                        "tainted": false
                    },
                    "deposed": [],
                    "provider": ""
                },
                "aws_route_table_association.public.0": {
                    "type": "aws_route_table_association",
                    "depends_on": [
                        "aws_route_table.public",
                        "aws_subnet.public.*"
                    ],
                    "primary": {
                        "id": "rtbassoc-17bba86c",
                        "attributes": {
                            "id": "rtbassoc-17bba86c",
                            "route_table_id": "rtb-d984a4a1",
                            "subnet_id": "subnet-5e29cd3a"
                        },
                        "meta": {},
                        "tainted": false
                    },
                    "deposed": [],
                    "provider": ""
                },
                "aws_route_table_association.public.1": {
                    "type": "aws_route_table_association",
                    "depends_on": [
                        "aws_route_table.public",
                        "aws_subnet.public.*"
                    ],
                    "primary": {
                        "id": "rtbassoc-c8b6a5b3",
                        "attributes": {
                            "id": "rtbassoc-c8b6a5b3",
                            "route_table_id": "rtb-d984a4a1",
                            "subnet_id": "subnet-2465f108"
                        },
                        "meta": {},
                        "tainted": false
                    },
                    "deposed": [],
                    "provider": ""
                },
                "aws_route_table_association.public.2": {
                    "type": "aws_route_table_association",
                    "depends_on": [
                        "aws_route_table.public",
                        "aws_subnet.public.*"
                    ],
                    "primary": {
                        "id": "rtbassoc-cfbcafb4",
                        "attributes": {
                            "id": "rtbassoc-cfbcafb4",
                            "route_table_id": "rtb-d984a4a1",
                            "subnet_id": "subnet-ef410ea7"
                        },
                        "meta": {},
                        "tainted": false
                    },
                    "deposed": [],
                    "provider": ""
                },
                "aws_route_table_association.public.3": {
                    "type": "aws_route_table_association",
                    "depends_on": [
                        "aws_route_table.public",
                        "aws_subnet.public.*"
                    ],
                    "primary": {
                        "id": "rtbassoc-edbdae96",
                        "attributes": {
                            "id": "rtbassoc-edbdae96",
                            "route_table_id": "rtb-d984a4a1",
                            "subnet_id": "subnet-8828a4d2"
                        },
                        "meta": {},
                        "tainted": false
                    },
                    "deposed": [],
                    "provider": ""
                },
                "aws_route_table_association.public.4": {
                    "type": "aws_route_table_association",
                    "depends_on": [
                        "aws_route_table.public",
                        "aws_subnet.public.*"
                    ],
                    "primary": {
                        "id": "rtbassoc-48b4a733",
                        "attributes": {
                            "id": "rtbassoc-48b4a733",
                            "route_table_id": "rtb-d984a4a1",
                            "subnet_id": "subnet-d53731e9"
                        },
                        "meta": {},
                        "tainted": false
                    },
                    "deposed": [],
                    "provider": ""
                },
                "aws_security_group.admin_instance": {
                    "type": "aws_security_group",
                    "depends_on": [
                        "aws_vpc.main"
                    ],
                    "primary": {
                        "id": "sg-99d5ade8",
                        "attributes": {
                            "description": "Admin instances for the VPC",
                            "egress.#": "0",
                            "id": "sg-99d5ade8",
                            "ingress.#": "0",
                            "name": "brewprod-admin-instance",
                            "owner_id": "549229563172",
                            "tags.%": "5",
                            "tags.account_name": "jive-reco-brewprod",
                            "tags.name": "brewprod-admin-instance",
                            "tags.pipeline_phase": "brewprod",
                            "tags.region": "us-east-1",
                            "tags.sla": "prod",
                            "vpc_id": "vpc-a976ebd0"
                        },
                        "meta": {},
                        "tainted": false
                    },
                    "deposed": [],
                    "provider": ""
                },
                "aws_security_group.env_instance": {
                    "type": "aws_security_group",
                    "depends_on": [
                        "aws_vpc.main",
                        "data.aws_security_group.bastion"
                    ],
                    "primary": {
                        "id": "sg-04ccb475",
                        "attributes": {
                            "description": "All instances within the evironment",
                            "egress.#": "1",
                            "egress.482069346.cidr_blocks.#": "1",
                            "egress.482069346.cidr_blocks.0": "0.0.0.0/0",
                            "egress.482069346.from_port": "0",
                            "egress.482069346.ipv6_cidr_blocks.#": "0",
                            "egress.482069346.prefix_list_ids.#": "0",
                            "egress.482069346.protocol": "-1",
                            "egress.482069346.security_groups.#": "0",
                            "egress.482069346.self": "false",
                            "egress.482069346.to_port": "0",
                            "id": "sg-04ccb475",
                            "ingress.#": "2",
                            "ingress.1762941951.cidr_blocks.#": "0",
                            "ingress.1762941951.from_port": "22",
                            "ingress.1762941951.ipv6_cidr_blocks.#": "0",
                            "ingress.1762941951.protocol": "tcp",
                            "ingress.1762941951.security_groups.#": "1",
                            "ingress.1762941951.security_groups.1178765666": "sg-5b4e362a",
                            "ingress.1762941951.self": "false",
                            "ingress.1762941951.to_port": "22",
                            "ingress.3563095132.cidr_blocks.#": "0",
                            "ingress.3563095132.from_port": "8",
                            "ingress.3563095132.ipv6_cidr_blocks.#": "0",
                            "ingress.3563095132.protocol": "icmp",
                            "ingress.3563095132.security_groups.#": "1",
                            "ingress.3563095132.security_groups.1178765666": "sg-5b4e362a",
                            "ingress.3563095132.self": "false",
                            "ingress.3563095132.to_port": "0",
                            "name": "brewprod-instance",
                            "owner_id": "549229563172",
                            "tags.%": "5",
                            "tags.account_name": "jive-reco-brewprod",
                            "tags.name": "brewprod-instance",
                            "tags.pipeline_phase": "brewprod",
                            "tags.region": "us-east-1",
                            "tags.sla": "prod",
                            "vpc_id": "vpc-a976ebd0"
                        },
                        "meta": {},
                        "tainted": false
                    },
                    "deposed": [],
                    "provider": ""
                },
                "aws_security_group.natgw_instance": {
                    "type": "aws_security_group",
                    "depends_on": [
                        "aws_security_group.env_instance",
                        "aws_vpc.main"
                    ],
                    "primary": {
                        "id": "sg-66cab217",
                        "attributes": {
                            "description": "Members of this SG are allowed to send any type of traffic to the NAT Box.",
                            "egress.#": "0",
                            "id": "sg-66cab217",
                            "ingress.#": "1",
                            "ingress.3034324568.cidr_blocks.#": "0",
                            "ingress.3034324568.from_port": "0",
                            "ingress.3034324568.ipv6_cidr_blocks.#": "0",
                            "ingress.3034324568.protocol": "-1",
                            "ingress.3034324568.security_groups.#": "1",
                            "ingress.3034324568.security_groups.2972207973": "sg-04ccb475",
                            "ingress.3034324568.self": "false",
                            "ingress.3034324568.to_port": "0",
                            "name": "brewprod-natgw-instance",
                            "owner_id": "549229563172",
                            "tags.%": "5",
                            "tags.account_name": "jive-reco-brewprod",
                            "tags.name": "brewprod-natgw-instance",
                            "tags.pipeline_phase": "brewprod",
                            "tags.region": "us-east-1",
                            "tags.sla": "prod",
                            "vpc_id": "vpc-a976ebd0"
                        },
                        "meta": {},
                        "tainted": false
                    },
                    "deposed": [],
                    "provider": ""
                },
                "aws_subnet.natdc.0": {
                    "type": "aws_subnet",
                    "depends_on": [
                        "aws_vpc.main"
                    ],
                    "primary": {
                        "id": "subnet-4e2cc82a",
                        "attributes": {
                            "assign_ipv6_address_on_creation": "false",
                            "availability_zone": "us-east-1a",
                            "cidr_block": "10.126.64.0/23",
                            "id": "subnet-4e2cc82a",
                            "map_public_ip_on_launch": "false",
                            "tags.%": "5",
                            "tags.Name": "brewprod-natdc-subnet",
                            "tags.account_name": "jive-reco-brewprod",
                            "tags.pipeline_phase": "brewprod",
                            "tags.region": "us-east-1",
                            "tags.sla": "prod",
                            "vpc_id": "vpc-a976ebd0"
                        },
                        "meta": {
                            "schema_version": "1"
                        },
                        "tainted": false
                    },
                    "deposed": [],
                    "provider": ""
                },
                "aws_subnet.natdc.1": {
                    "type": "aws_subnet",
                    "depends_on": [
                        "aws_vpc.main"
                    ],
                    "primary": {
                        "id": "subnet-5368fc7f",
                        "attributes": {
                            "assign_ipv6_address_on_creation": "false",
                            "availability_zone": "us-east-1b",
                            "cidr_block": "10.126.66.0/23",
                            "id": "subnet-5368fc7f",
                            "map_public_ip_on_launch": "false",
                            "tags.%": "5",
                            "tags.Name": "brewprod-natdc-subnet",
                            "tags.account_name": "jive-reco-brewprod",
                            "tags.pipeline_phase": "brewprod",
                            "tags.region": "us-east-1",
                            "tags.sla": "prod",
                            "vpc_id": "vpc-a976ebd0"
                        },
                        "meta": {
                            "schema_version": "1"
                        },
                        "tainted": false
                    },
                    "deposed": [],
                    "provider": ""
                },
                "aws_subnet.natdc.2": {
                    "type": "aws_subnet",
                    "depends_on": [
                        "aws_vpc.main"
                    ],
                    "primary": {
                        "id": "subnet-eb4609a3",
                        "attributes": {
                            "assign_ipv6_address_on_creation": "false",
                            "availability_zone": "us-east-1c",
                            "cidr_block": "10.126.68.0/23",
                            "id": "subnet-eb4609a3",
                            "map_public_ip_on_launch": "false",
                            "tags.%": "5",
                            "tags.Name": "brewprod-natdc-subnet",
                            "tags.account_name": "jive-reco-brewprod",
                            "tags.pipeline_phase": "brewprod",
                            "tags.region": "us-east-1",
                            "tags.sla": "prod",
                            "vpc_id": "vpc-a976ebd0"
                        },
                        "meta": {
                            "schema_version": "1"
                        },
                        "tainted": false
                    },
                    "deposed": [],
                    "provider": ""
                },
                "aws_subnet.natdc.3": {
                    "type": "aws_subnet",
                    "depends_on": [
                        "aws_vpc.main"
                    ],
                    "primary": {
                        "id": "subnet-3722ae6d",
                        "attributes": {
                            "assign_ipv6_address_on_creation": "false",
                            "availability_zone": "us-east-1d",
                            "cidr_block": "10.126.70.0/23",
                            "id": "subnet-3722ae6d",
                            "map_public_ip_on_launch": "false",
                            "tags.%": "5",
                            "tags.Name": "brewprod-natdc-subnet",
                            "tags.account_name": "jive-reco-brewprod",
                            "tags.pipeline_phase": "brewprod",
                            "tags.region": "us-east-1",
                            "tags.sla": "prod",
                            "vpc_id": "vpc-a976ebd0"
                        },
                        "meta": {
                            "schema_version": "1"
                        },
                        "tainted": false
                    },
                    "deposed": [],
                    "provider": ""
                },
                "aws_subnet.natdc.4": {
                    "type": "aws_subnet",
                    "depends_on": [
                        "aws_vpc.main"
                    ],
                    "primary": {
                        "id": "subnet-c4383ef8",
                        "attributes": {
                            "assign_ipv6_address_on_creation": "false",
                            "availability_zone": "us-east-1e",
                            "cidr_block": "10.126.72.0/23",
                            "id": "subnet-c4383ef8",
                            "map_public_ip_on_launch": "false",
                            "tags.%": "5",
                            "tags.Name": "brewprod-natdc-subnet",
                            "tags.account_name": "jive-reco-brewprod",
                            "tags.pipeline_phase": "brewprod",
                            "tags.region": "us-east-1",
                            "tags.sla": "prod",
                            "vpc_id": "vpc-a976ebd0"
                        },
                        "meta": {
                            "schema_version": "1"
                        },
                        "tainted": false
                    },
                    "deposed": [],
                    "provider": ""
                },
                "aws_subnet.private.0": {
                    "type": "aws_subnet",
                    "depends_on": [
                        "aws_vpc.main"
                    ],
                    "primary": {
                        "id": "subnet-bf21c5db",
                        "attributes": {
                            "assign_ipv6_address_on_creation": "false",
                            "availability_zone": "us-east-1a",
                            "cidr_block": "10.126.76.128/25",
                            "id": "subnet-bf21c5db",
                            "map_public_ip_on_launch": "false",
                            "tags.%": "5",
                            "tags.Name": "brewprod-private-subnet",
                            "tags.account_name": "jive-reco-brewprod",
                            "tags.pipeline_phase": "brewprod",
                            "tags.region": "us-east-1",
                            "tags.sla": "prod",
                            "vpc_id": "vpc-a976ebd0"
                        },
                        "meta": {
                            "schema_version": "1"
                        },
                        "tainted": false
                    },
                    "deposed": [],
                    "provider": ""
                },
                "aws_subnet.private.1": {
                    "type": "aws_subnet",
                    "depends_on": [
                        "aws_vpc.main"
                    ],
                    "primary": {
                        "id": "subnet-3d6df911",
                        "attributes": {
                            "assign_ipv6_address_on_creation": "false",
                            "availability_zone": "us-east-1b",
                            "cidr_block": "10.126.77.0/25",
                            "id": "subnet-3d6df911",
                            "map_public_ip_on_launch": "false",
                            "tags.%": "5",
                            "tags.Name": "brewprod-private-subnet",
                            "tags.account_name": "jive-reco-brewprod",
                            "tags.pipeline_phase": "brewprod",
                            "tags.region": "us-east-1",
                            "tags.sla": "prod",
                            "vpc_id": "vpc-a976ebd0"
                        },
                        "meta": {
                            "schema_version": "1"
                        },
                        "tainted": false
                    },
                    "deposed": [],
                    "provider": ""
                },
                "aws_subnet.private.2": {
                    "type": "aws_subnet",
                    "depends_on": [
                        "aws_vpc.main"
                    ],
                    "primary": {
                        "id": "subnet-3b400f73",
                        "attributes": {
                            "assign_ipv6_address_on_creation": "false",
                            "availability_zone": "us-east-1c",
                            "cidr_block": "10.126.77.128/25",
                            "id": "subnet-3b400f73",
                            "map_public_ip_on_launch": "false",
                            "tags.%": "5",
                            "tags.Name": "brewprod-private-subnet",
                            "tags.account_name": "jive-reco-brewprod",
                            "tags.pipeline_phase": "brewprod",
                            "tags.region": "us-east-1",
                            "tags.sla": "prod",
                            "vpc_id": "vpc-a976ebd0"
                        },
                        "meta": {
                            "schema_version": "1"
                        },
                        "tainted": false
                    },
                    "deposed": [],
                    "provider": ""
                },
                "aws_subnet.private.3": {
                    "type": "aws_subnet",
                    "depends_on": [
                        "aws_vpc.main"
                    ],
                    "primary": {
                        "id": "subnet-4d28a417",
                        "attributes": {
                            "assign_ipv6_address_on_creation": "false",
                            "availability_zone": "us-east-1d",
                            "cidr_block": "10.126.78.0/25",
                            "id": "subnet-4d28a417",
                            "map_public_ip_on_launch": "false",
                            "tags.%": "5",
                            "tags.Name": "brewprod-private-subnet",
                            "tags.account_name": "jive-reco-brewprod",
                            "tags.pipeline_phase": "brewprod",
                            "tags.region": "us-east-1",
                            "tags.sla": "prod",
                            "vpc_id": "vpc-a976ebd0"
                        },
                        "meta": {
                            "schema_version": "1"
                        },
                        "tainted": false
                    },
                    "deposed": [],
                    "provider": ""
                },
                "aws_subnet.private.4": {
                    "type": "aws_subnet",
                    "depends_on": [
                        "aws_vpc.main"
                    ],
                    "primary": {
                        "id": "subnet-843335b8",
                        "attributes": {
                            "assign_ipv6_address_on_creation": "false",
                            "availability_zone": "us-east-1e",
                            "cidr_block": "10.126.78.128/25",
                            "id": "subnet-843335b8",
                            "map_public_ip_on_launch": "false",
                            "tags.%": "5",
                            "tags.Name": "brewprod-private-subnet",
                            "tags.account_name": "jive-reco-brewprod",
                            "tags.pipeline_phase": "brewprod",
                            "tags.region": "us-east-1",
                            "tags.sla": "prod",
                            "vpc_id": "vpc-a976ebd0"
                        },
                        "meta": {
                            "schema_version": "1"
                        },
                        "tainted": false
                    },
                    "deposed": [],
                    "provider": ""
                },
                "aws_subnet.public.0": {
                    "type": "aws_subnet",
                    "depends_on": [
                        "aws_vpc.main"
                    ],
                    "primary": {
                        "id": "subnet-5e29cd3a",
                        "attributes": {
                            "assign_ipv6_address_on_creation": "false",
                            "availability_zone": "us-east-1a",
                            "cidr_block": "10.126.74.0/25",
                            "id": "subnet-5e29cd3a",
                            "map_public_ip_on_launch": "false",
                            "tags.%": "6",
                            "tags.KubernetesCluster": "us-east-1_jive-reco-brewprod",
                            "tags.Name": "brewprod-public-subnet",
                            "tags.account_name": "jive-reco-brewprod",
                            "tags.pipeline_phase": "brewprod",
                            "tags.region": "us-east-1",
                            "tags.sla": "prod",
                            "vpc_id": "vpc-a976ebd0"
                        },
                        "meta": {
                            "schema_version": "1"
                        },
                        "tainted": false
                    },
                    "deposed": [],
                    "provider": ""
                },
                "aws_subnet.public.1": {
                    "type": "aws_subnet",
                    "depends_on": [
                        "aws_vpc.main"
                    ],
                    "primary": {
                        "id": "subnet-2465f108",
                        "attributes": {
                            "assign_ipv6_address_on_creation": "false",
                            "availability_zone": "us-east-1b",
                            "cidr_block": "10.126.74.128/25",
                            "id": "subnet-2465f108",
                            "map_public_ip_on_launch": "false",
                            "tags.%": "6",
                            "tags.KubernetesCluster": "us-east-1_jive-reco-brewprod",
                            "tags.Name": "brewprod-public-subnet",
                            "tags.account_name": "jive-reco-brewprod",
                            "tags.pipeline_phase": "brewprod",
                            "tags.region": "us-east-1",
                            "tags.sla": "prod",
                            "vpc_id": "vpc-a976ebd0"
                        },
                        "meta": {
                            "schema_version": "1"
                        },
                        "tainted": false
                    },
                    "deposed": [],
                    "provider": ""
                },
                "aws_subnet.public.2": {
                    "type": "aws_subnet",
                    "depends_on": [
                        "aws_vpc.main"
                    ],
                    "primary": {
                        "id": "subnet-ef410ea7",
                        "attributes": {
                            "assign_ipv6_address_on_creation": "false",
                            "availability_zone": "us-east-1c",
                            "cidr_block": "10.126.75.0/25",
                            "id": "subnet-ef410ea7",
                            "map_public_ip_on_launch": "false",
                            "tags.%": "6",
                            "tags.KubernetesCluster": "us-east-1_jive-reco-brewprod",
                            "tags.Name": "brewprod-public-subnet",
                            "tags.account_name": "jive-reco-brewprod",
                            "tags.pipeline_phase": "brewprod",
                            "tags.region": "us-east-1",
                            "tags.sla": "prod",
                            "vpc_id": "vpc-a976ebd0"
                        },
                        "meta": {
                            "schema_version": "1"
                        },
                        "tainted": false
                    },
                    "deposed": [],
                    "provider": ""
                },
                "aws_subnet.public.3": {
                    "type": "aws_subnet",
                    "depends_on": [
                        "aws_vpc.main"
                    ],
                    "primary": {
                        "id": "subnet-8828a4d2",
                        "attributes": {
                            "assign_ipv6_address_on_creation": "false",
                            "availability_zone": "us-east-1d",
                            "cidr_block": "10.126.75.128/25",
                            "id": "subnet-8828a4d2",
                            "map_public_ip_on_launch": "false",
                            "tags.%": "6",
                            "tags.KubernetesCluster": "us-east-1_jive-reco-brewprod",
                            "tags.Name": "brewprod-public-subnet",
                            "tags.account_name": "jive-reco-brewprod",
                            "tags.pipeline_phase": "brewprod",
                            "tags.region": "us-east-1",
                            "tags.sla": "prod",
                            "vpc_id": "vpc-a976ebd0"
                        },
                        "meta": {
                            "schema_version": "1"
                        },
                        "tainted": false
                    },
                    "deposed": [],
                    "provider": ""
                },
                "aws_subnet.public.4": {
                    "type": "aws_subnet",
                    "depends_on": [
                        "aws_vpc.main"
                    ],
                    "primary": {
                        "id": "subnet-d53731e9",
                        "attributes": {
                            "assign_ipv6_address_on_creation": "false",
                            "availability_zone": "us-east-1e",
                            "cidr_block": "10.126.76.0/25",
                            "id": "subnet-d53731e9",
                            "map_public_ip_on_launch": "false",
                            "tags.%": "6",
                            "tags.KubernetesCluster": "us-east-1_jive-reco-brewprod",
                            "tags.Name": "brewprod-public-subnet",
                            "tags.account_name": "jive-reco-brewprod",
                            "tags.pipeline_phase": "brewprod",
                            "tags.region": "us-east-1",
                            "tags.sla": "prod",
                            "vpc_id": "vpc-a976ebd0"
                        },
                        "meta": {
                            "schema_version": "1"
                        },
                        "tainted": false
                    },
                    "deposed": [],
                    "provider": ""
                },
                "aws_vpc.main": {
                    "type": "aws_vpc",
                    "depends_on": [],
                    "primary": {
                        "id": "vpc-a976ebd0",
                        "attributes": {
                            "assign_generated_ipv6_cidr_block": "false",
                            "cidr_block": "10.126.64.0/20",
                            "default_network_acl_id": "acl-0556517c",
                            "default_route_table_id": "rtb-cfb898b7",
                            "default_security_group_id": "sg-f7d0a886",
                            "dhcp_options_id": "dopt-a0a1b0c5",
                            "enable_classiclink": "false",
                            "enable_dns_hostnames": "true",
                            "enable_dns_support": "true",
                            "id": "vpc-a976ebd0",
                            "instance_tenancy": "default",
                            "main_route_table_id": "rtb-cfb898b7",
                            "tags.%": "5",
                            "tags.Name": "brewprod-vpc",
                            "tags.account_name": "jive-reco-brewprod",
                            "tags.pipeline_phase": "brewprod",
                            "tags.region": "us-east-1",
                            "tags.sla": "prod"
                        },
                        "meta": {
                            "schema_version": "1"
                        },
                        "tainted": false
                    },
                    "deposed": [],
                    "provider": ""
                },
                "aws_vpc_peering_connection.infra": {
                    "type": "aws_vpc_peering_connection",
                    "depends_on": [
                        "aws_vpc.main"
                    ],
                    "primary": {
                        "id": "pcx-16c7b67f",
                        "attributes": {
                            "accept_status": "active",
                            "accepter.#": "1",
                            "accepter.3244290774.allow_classic_link_to_remote_vpc": "false",
                            "accepter.3244290774.allow_remote_vpc_dns_resolution": "false",
                            "accepter.3244290774.allow_vpc_to_remote_classic_link": "false",
                            "auto_accept": "true",
                            "id": "pcx-16c7b67f",
                            "peer_owner_id": "549229563172",
                            "peer_vpc_id": "vpc-df5fc2a6",
                            "requester.#": "1",
                            "requester.3244290774.allow_classic_link_to_remote_vpc": "false",
                            "requester.3244290774.allow_remote_vpc_dns_resolution": "false",
                            "requester.3244290774.allow_vpc_to_remote_classic_link": "false",
                            "tags.%": "5",
                            "tags.Name": "brewprod_to_infra-jive-reco-brewprod",
                            "tags.account_name": "jive-reco-brewprod",
                            "tags.pipeline_phase": "brewprod",
                            "tags.region": "us-east-1",
                            "tags.sla": "prod",
                            "vpc_id": "vpc-a976ebd0"
                        },
                        "meta": {},
                        "tainted": false
                    },
                    "deposed": [],
                    "provider": ""
                },
                "aws_vpn_connection.main": {
                    "type": "aws_vpn_connection",
                    "depends_on": [
                        "aws_vpn_gateway.vgw"
                    ],
                    "primary": {
                        "id": "vpn-c76073a6",
                        "attributes": {
                            "customer_gateway_configuration": "\u003c?xml version=\"1.0\" encoding=\"UTF-8\"?\u003e\n\u003cvpn_connection id=\"vpn-c76073a6\"\u003e\n  \u003ccustomer_gateway_id\u003ecgw-d79a71be\u003c/customer_gateway_id\u003e\n  \u003cvpn_gateway_id\u003evgw-ec8b6085\u003c/vpn_gateway_id\u003e\n  \u003cvpn_connection_type\u003eipsec.1\u003c/vpn_connection_type\u003e\n  \u003cipsec_tunnel\u003e\n    \u003ccustomer_gateway\u003e\n      \u003ctunnel_outside_address\u003e\n        \u003cip_address\u003e204.93.64.130\u003c/ip_address\u003e\n      \u003c/tunnel_outside_address\u003e\n      \u003ctunnel_inside_address\u003e\n        \u003cip_address\u003e169.254.44.58\u003c/ip_address\u003e\n        \u003cnetwork_mask\u003e255.255.255.252\u003c/network_mask\u003e\n        \u003cnetwork_cidr\u003e30\u003c/network_cidr\u003e\n      \u003c/tunnel_inside_address\u003e\n      \u003cbgp\u003e\n        \u003casn\u003e13364\u003c/asn\u003e\n        \u003chold_time\u003e30\u003c/hold_time\u003e\n      \u003c/bgp\u003e\n    \u003c/customer_gateway\u003e\n    \u003cvpn_gateway\u003e\n      \u003ctunnel_outside_address\u003e\n        \u003cip_address\u003e34.197.91.21\u003c/ip_address\u003e\n      \u003c/tunnel_outside_address\u003e\n      \u003ctunnel_inside_address\u003e\n        \u003cip_address\u003e169.254.44.57\u003c/ip_address\u003e\n        \u003cnetwork_mask\u003e255.255.255.252\u003c/network_mask\u003e\n        \u003cnetwork_cidr\u003e30\u003c/network_cidr\u003e\n      \u003c/tunnel_inside_address\u003e\n      \u003cbgp\u003e\n        \u003casn\u003e7224\u003c/asn\u003e\n        \u003chold_time\u003e30\u003c/hold_time\u003e\n      \u003c/bgp\u003e\n    \u003c/vpn_gateway\u003e\n    \u003cike\u003e\n      \u003cauthentication_protocol\u003esha1\u003c/authentication_protocol\u003e\n      \u003cencryption_protocol\u003eaes-128-cbc\u003c/encryption_protocol\u003e\n      \u003clifetime\u003e28800\u003c/lifetime\u003e\n      \u003cperfect_forward_secrecy\u003egroup2\u003c/perfect_forward_secrecy\u003e\n      \u003cmode\u003emain\u003c/mode\u003e\n      \u003cpre_shared_key\u003e9E7in3hcQNljGE53HK_yyHreUjULSeCj\u003c/pre_shared_key\u003e\n    \u003c/ike\u003e\n    \u003cipsec\u003e\n      \u003cprotocol\u003eesp\u003c/protocol\u003e\n      \u003cauthentication_protocol\u003ehmac-sha1-96\u003c/authentication_protocol\u003e\n      \u003cencryption_protocol\u003eaes-128-cbc\u003c/encryption_protocol\u003e\n      \u003clifetime\u003e3600\u003c/lifetime\u003e\n      \u003cperfect_forward_secrecy\u003egroup2\u003c/perfect_forward_secrecy\u003e\n      \u003cmode\u003etunnel\u003c/mode\u003e\n      \u003cclear_df_bit\u003etrue\u003c/clear_df_bit\u003e\n      \u003cfragmentation_before_encryption\u003etrue\u003c/fragmentation_before_encryption\u003e\n      \u003ctcp_mss_adjustment\u003e1379\u003c/tcp_mss_adjustment\u003e\n      \u003cdead_peer_detection\u003e\n        \u003cinterval\u003e10\u003c/interval\u003e\n        \u003cretries\u003e3\u003c/retries\u003e\n      \u003c/dead_peer_detection\u003e\n    \u003c/ipsec\u003e\n  \u003c/ipsec_tunnel\u003e\n  \u003cipsec_tunnel\u003e\n    \u003ccustomer_gateway\u003e\n      \u003ctunnel_outside_address\u003e\n        \u003cip_address\u003e204.93.64.130\u003c/ip_address\u003e\n      \u003c/tunnel_outside_address\u003e\n      \u003ctunnel_inside_address\u003e\n        \u003cip_address\u003e169.254.47.42\u003c/ip_address\u003e\n        \u003cnetwork_mask\u003e255.255.255.252\u003c/network_mask\u003e\n        \u003cnetwork_cidr\u003e30\u003c/network_cidr\u003e\n      \u003c/tunnel_inside_address\u003e\n      \u003cbgp\u003e\n        \u003casn\u003e13364\u003c/asn\u003e\n        \u003chold_time\u003e30\u003c/hold_time\u003e\n      \u003c/bgp\u003e\n    \u003c/customer_gateway\u003e\n    \u003cvpn_gateway\u003e\n      \u003ctunnel_outside_address\u003e\n        \u003cip_address\u003e52.44.138.31\u003c/ip_address\u003e\n      \u003c/tunnel_outside_address\u003e\n      \u003ctunnel_inside_address\u003e\n        \u003cip_address\u003e169.254.47.41\u003c/ip_address\u003e\n        \u003cnetwork_mask\u003e255.255.255.252\u003c/network_mask\u003e\n        \u003cnetwork_cidr\u003e30\u003c/network_cidr\u003e\n      \u003c/tunnel_inside_address\u003e\n      \u003cbgp\u003e\n        \u003casn\u003e7224\u003c/asn\u003e\n        \u003chold_time\u003e30\u003c/hold_time\u003e\n      \u003c/bgp\u003e\n    \u003c/vpn_gateway\u003e\n    \u003cike\u003e\n      \u003cauthentication_protocol\u003esha1\u003c/authentication_protocol\u003e\n      \u003cencryption_protocol\u003eaes-128-cbc\u003c/encryption_protocol\u003e\n      \u003clifetime\u003e28800\u003c/lifetime\u003e\n      \u003cperfect_forward_secrecy\u003egroup2\u003c/perfect_forward_secrecy\u003e\n      \u003cmode\u003emain\u003c/mode\u003e\n      \u003cpre_shared_key\u003eifMN4TlR397bj32OCMmMMTluRyehM788\u003c/pre_shared_key\u003e\n    \u003c/ike\u003e\n    \u003cipsec\u003e\n      \u003cprotocol\u003eesp\u003c/protocol\u003e\n      \u003cauthentication_protocol\u003ehmac-sha1-96\u003c/authentication_protocol\u003e\n      \u003cencryption_protocol\u003eaes-128-cbc\u003c/encryption_protocol\u003e\n      \u003clifetime\u003e3600\u003c/lifetime\u003e\n      \u003cperfect_forward_secrecy\u003egroup2\u003c/perfect_forward_secrecy\u003e\n      \u003cmode\u003etunnel\u003c/mode\u003e\n      \u003cclear_df_bit\u003etrue\u003c/clear_df_bit\u003e\n      \u003cfragmentation_before_encryption\u003etrue\u003c/fragmentation_before_encryption\u003e\n      \u003ctcp_mss_adjustment\u003e1379\u003c/tcp_mss_adjustment\u003e\n      \u003cdead_peer_detection\u003e\n        \u003cinterval\u003e10\u003c/interval\u003e\n        \u003cretries\u003e3\u003c/retries\u003e\n      \u003c/dead_peer_detection\u003e\n    \u003c/ipsec\u003e\n  \u003c/ipsec_tunnel\u003e\n\u003c/vpn_connection\u003e",
                            "customer_gateway_id": "cgw-d79a71be",
                            "id": "vpn-c76073a6",
                            "routes.#": "0",
                            "static_routes_only": "false",
                            "tags.%": "5",
                            "tags.Name": "brewprod-jive-vpn",
                            "tags.account_name": "jive-reco-brewprod",
                            "tags.pipeline_phase": "brewprod",
                            "tags.region": "us-east-1",
                            "tags.sla": "prod",
                            "tunnel1_address": "34.197.91.21",
                            "tunnel1_preshared_key": "9E7in3hcQNljGE53HK_yyHreUjULSeCj",
                            "tunnel2_address": "52.44.138.31",
                            "tunnel2_preshared_key": "ifMN4TlR397bj32OCMmMMTluRyehM788",
                            "type": "ipsec.1",
                            "vgw_telemetry.#": "2",
                            "vgw_telemetry.1057630125.accepted_route_count": "0",
                            "vgw_telemetry.1057630125.last_status_change": "2017-07-31 23:50:20 +0000 UTC",
                            "vgw_telemetry.1057630125.outside_ip_address": "52.44.138.31",
                            "vgw_telemetry.1057630125.status": "DOWN",
                            "vgw_telemetry.1057630125.status_message": "IPSEC IS DOWN",
                            "vgw_telemetry.949984388.accepted_route_count": "0",
                            "vgw_telemetry.949984388.last_status_change": "2017-07-31 23:51:14 +0000 UTC",
                            "vgw_telemetry.949984388.outside_ip_address": "34.197.91.21",
                            "vgw_telemetry.949984388.status": "DOWN",
                            "vgw_telemetry.949984388.status_message": "IPSEC IS DOWN",
                            "vpn_gateway_id": "vgw-ec8b6085"
                        },
                        "meta": {},
                        "tainted": false
                    },
                    "deposed": [],
                    "provider": ""
                },
                "aws_vpn_gateway.vgw": {
                    "type": "aws_vpn_gateway",
                    "depends_on": [
                        "aws_vpc.main"
                    ],
                    "primary": {
                        "id": "vgw-ec8b6085",
                        "attributes": {
                            "id": "vgw-ec8b6085",
                            "tags.%": "7",
                            "tags.Name": "brewprod-vgw",
                            "tags.account_name": "jive-reco-brewprod",
                            "tags.jive_service": "infrastructure",
                            "tags.pipeline_phase": "brewprod",
                            "tags.region": "us-east-1",
                            "tags.service_component": "vpn_gateway",
                            "tags.sla": "prod",
                            "vpc_id": "vpc-a976ebd0"
                        },
                        "meta": {},
                        "tainted": false
                    },
                    "deposed": [],
                    "provider": ""
                },
                "data.aws_security_group.bastion": {
                    "type": "aws_security_group",
                    "depends_on": [],
                    "primary": {
                        "id": "sg-5b4e362a",
                        "attributes": {
                            "filter.#": "1",
                            "filter.1988431066.name": "tag:jive_service",
                            "filter.1988431066.values.#": "1",
                            "filter.1988431066.values.2480389212": "infrastructure",
                            "id": "sg-5b4e362a",
                            "name": "infra-brewprod-jive-phx-dc",
                            "tags.%": "6",
                            "tags.Name": "infra-brewprod-jive-phx-dc",
                            "tags.account_name": "jive-reco-brewprod",
                            "tags.jive_service": "infrastructure",
                            "tags.pipeline_phase": "infra-brewprod",
                            "tags.region": "us-east-1",
                            "tags.sla": "prod",
                            "vpc_id": "vpc-df5fc2a6"
                        },
                        "meta": {},
                        "tainted": false
                    },
                    "deposed": [],
                    "provider": ""
                }
            },
            "depends_on": []
        }
    ]
}
