{
    "version": 3,
    "terraform_version": "0.9.2",
    "serial": 5,
    "lineage": "aeba07e7-bbf4-4b44-bc03-6f37f7f57e86",
    "modules": [
        {
            "path": [
                "root"
            ],
            "outputs": {},
            "resources": {
                "aws_eip.natgw.0": {
                    "type": "aws_eip",
                    "depends_on": [],
                    "primary": {
                        "id": "eipalloc-b725008d",
                        "attributes": {
                            "association_id": "",
                            "domain": "vpc",
                            "id": "eipalloc-b725008d",
                            "instance": "",
                            "network_interface": "",
                            "private_ip": "",
                            "public_ip": "34.208.134.71",
                            "vpc": "true"
                        },
                        "meta": {},
                        "tainted": false
                    },
                    "deposed": [],
                    "provider": ""
                },
                "aws_eip.natgw.1": {
                    "type": "aws_eip",
                    "depends_on": [],
                    "primary": {
                        "id": "eipalloc-4d270277",
                        "attributes": {
                            "association_id": "",
                            "domain": "vpc",
                            "id": "eipalloc-4d270277",
                            "instance": "",
                            "network_interface": "",
                            "private_ip": "",
                            "public_ip": "34.209.2.249",
                            "vpc": "true"
                        },
                        "meta": {},
                        "tainted": false
                    },
                    "deposed": [],
                    "provider": ""
                },
                "aws_eip.natgw.2": {
                    "type": "aws_eip",
                    "depends_on": [],
                    "primary": {
                        "id": "eipalloc-dd597ce7",
                        "attributes": {
                            "association_id": "",
                            "domain": "vpc",
                            "id": "eipalloc-dd597ce7",
                            "instance": "",
                            "network_interface": "",
                            "private_ip": "",
                            "public_ip": "34.208.103.246",
                            "vpc": "true"
                        },
                        "meta": {},
                        "tainted": false
                    },
                    "deposed": [],
                    "provider": ""
                },
                "aws_internet_gateway.igw": {
                    "type": "aws_internet_gateway",
                    "depends_on": [
                        "aws_vpc.main"
                    ],
                    "primary": {
                        "id": "igw-ddc41aba",
                        "attributes": {
                            "id": "igw-ddc41aba",
                            "tags.%": "5",
                            "tags.Name": "pipeline-sunnyd-igw",
                            "tags.account_name": "jive-infra-pipeline",
                            "tags.pipeline_phase": "pipeline-sunnyd",
                            "tags.region": "us-west-2",
                            "tags.sla": "non-prod",
                            "vpc_id": "vpc-6f1afc09"
                        },
                        "meta": {},
                        "tainted": false
                    },
                    "deposed": [],
                    "provider": ""
                },
                "aws_nat_gateway.natgw.0": {
                    "type": "aws_nat_gateway",
                    "depends_on": [
                        "aws_eip.natgw.*",
                        "aws_internet_gateway.igw",
                        "aws_subnet.public.*"
                    ],
                    "primary": {
                        "id": "nat-0e3e0dff1a81fe6c1",
                        "attributes": {
                            "allocation_id": "eipalloc-b725008d",
                            "id": "nat-0e3e0dff1a81fe6c1",
                            "network_interface_id": "eni-e60360da",
                            "private_ip": "10.122.12.116",
                            "public_ip": "34.208.134.71",
                            "subnet_id": "subnet-8ac092c3"
                        },
                        "meta": {},
                        "tainted": false
                    },
                    "deposed": [],
                    "provider": ""
                },
                "aws_nat_gateway.natgw.1": {
                    "type": "aws_nat_gateway",
                    "depends_on": [
                        "aws_eip.natgw.*",
                        "aws_internet_gateway.igw",
                        "aws_subnet.public.*"
                    ],
                    "primary": {
                        "id": "nat-0cb7e4f3a8a432c59",
                        "attributes": {
                            "allocation_id": "eipalloc-4d270277",
                            "id": "nat-0cb7e4f3a8a432c59",
                            "network_interface_id": "eni-7ccff456",
                            "private_ip": "10.122.12.252",
                            "public_ip": "34.209.2.249",
                            "subnet_id": "subnet-7c9da61b"
                        },
                        "meta": {},
                        "tainted": false
                    },
                    "deposed": [],
                    "provider": ""
                },
                "aws_nat_gateway.natgw.2": {
                    "type": "aws_nat_gateway",
                    "depends_on": [
                        "aws_eip.natgw.*",
                        "aws_internet_gateway.igw",
                        "aws_subnet.public.*"
                    ],
                    "primary": {
                        "id": "nat-01f08cb238dd0b6c3",
                        "attributes": {
                            "allocation_id": "eipalloc-dd597ce7",
                            "id": "nat-01f08cb238dd0b6c3",
                            "network_interface_id": "eni-b3f973bd",
                            "private_ip": "10.122.13.34",
                            "public_ip": "34.208.103.246",
                            "subnet_id": "subnet-5e24ff05"
                        },
                        "meta": {},
                        "tainted": false
                    },
                    "deposed": [],
                    "provider": ""
                },
                "aws_route.infra_natdc.0": {
                    "type": "aws_route",
                    "depends_on": [
                        "aws_vpc_peering_connection.infra"
                    ],
                    "primary": {
                        "id": "r-rtb-5ac9f93e3101490183",
                        "attributes": {
                            "destination_cidr_block": "10.122.0.0/20",
                            "destination_prefix_list_id": "",
                            "egress_only_gateway_id": "",
                            "gateway_id": "",
                            "id": "r-rtb-5ac9f93e3101490183",
                            "instance_id": "",
                            "instance_owner_id": "",
                            "nat_gateway_id": "",
                            "network_interface_id": "",
                            "origin": "CreateRoute",
                            "route_table_id": "rtb-5ac9f93e",
                            "state": "active",
                            "vpc_peering_connection_id": "pcx-cc6dfda5"
                        },
                        "meta": {},
                        "tainted": false
                    },
                    "deposed": [],
                    "provider": ""
                },
                "aws_route.infra_natdc.1": {
                    "type": "aws_route",
                    "depends_on": [
                        "aws_vpc_peering_connection.infra"
                    ],
                    "primary": {
                        "id": "r-rtb-c09155a63101490183",
                        "attributes": {
                            "destination_cidr_block": "10.122.0.0/20",
                            "destination_prefix_list_id": "",
                            "egress_only_gateway_id": "",
                            "gateway_id": "",
                            "id": "r-rtb-c09155a63101490183",
                            "instance_id": "",
                            "instance_owner_id": "",
                            "nat_gateway_id": "",
                            "network_interface_id": "",
                            "origin": "CreateRoute",
                            "route_table_id": "rtb-c09155a6",
                            "state": "active",
                            "vpc_peering_connection_id": "pcx-cc6dfda5"
                        },
                        "meta": {},
                        "tainted": false
                    },
                    "deposed": [],
                    "provider": ""
                },
                "aws_route.infra_natdc.2": {
                    "type": "aws_route",
                    "depends_on": [
                        "aws_vpc_peering_connection.infra"
                    ],
                    "primary": {
                        "id": "r-rtb-0c92566a3101490183",
                        "attributes": {
                            "destination_cidr_block": "10.122.0.0/20",
                            "destination_prefix_list_id": "",
                            "egress_only_gateway_id": "",
                            "gateway_id": "",
                            "id": "r-rtb-0c92566a3101490183",
                            "instance_id": "",
                            "instance_owner_id": "",
                            "nat_gateway_id": "",
                            "network_interface_id": "",
                            "origin": "CreateRoute",
                            "route_table_id": "rtb-0c92566a",
                            "state": "active",
                            "vpc_peering_connection_id": "pcx-cc6dfda5"
                        },
                        "meta": {},
                        "tainted": false
                    },
                    "deposed": [],
                    "provider": ""
                },
                "aws_route.infra_private": {
                    "type": "aws_route",
                    "depends_on": [
                        "aws_vpc_peering_connection.infra"
                    ],
                    "primary": {
                        "id": "r-rtb-13c8f8773101490183",
                        "attributes": {
                            "destination_cidr_block": "10.122.0.0/20",
                            "destination_prefix_list_id": "",
                            "egress_only_gateway_id": "",
                            "gateway_id": "",
                            "id": "r-rtb-13c8f8773101490183",
                            "instance_id": "",
                            "instance_owner_id": "",
                            "nat_gateway_id": "",
                            "network_interface_id": "",
                            "origin": "CreateRoute",
                            "route_table_id": "rtb-13c8f877",
                            "state": "active",
                            "vpc_peering_connection_id": "pcx-cc6dfda5"
                        },
                        "meta": {},
                        "tainted": false
                    },
                    "deposed": [],
                    "provider": ""
                },
                "aws_route.infra_public": {
                    "type": "aws_route",
                    "depends_on": [
                        "aws_vpc_peering_connection.infra"
                    ],
                    "primary": {
                        "id": "r-rtb-1ec8f87a3101490183",
                        "attributes": {
                            "destination_cidr_block": "10.122.0.0/20",
                            "destination_prefix_list_id": "",
                            "egress_only_gateway_id": "",
                            "gateway_id": "",
                            "id": "r-rtb-1ec8f87a3101490183",
                            "instance_id": "",
                            "instance_owner_id": "",
                            "nat_gateway_id": "",
                            "network_interface_id": "",
                            "origin": "CreateRoute",
                            "route_table_id": "rtb-1ec8f87a",
                            "state": "active",
                            "vpc_peering_connection_id": "pcx-cc6dfda5"
                        },
                        "meta": {},
                        "tainted": false
                    },
                    "deposed": [],
                    "provider": ""
                },
                "aws_route53_zone_association.route53": {
                    "type": "aws_route53_zone_association",
                    "depends_on": [
                        "aws_vpc.main"
                    ],
                    "primary": {
                        "id": "Z3EI1CWJSFIPAM:vpc-6f1afc09",
                        "attributes": {
                            "id": "Z3EI1CWJSFIPAM:vpc-6f1afc09",
                            "vpc_id": "vpc-6f1afc09",
                            "vpc_region": "us-west-2",
                            "zone_id": "Z3EI1CWJSFIPAM"
                        },
                        "meta": {},
                        "tainted": false
                    },
                    "deposed": [],
                    "provider": ""
                },
                "aws_route_table.natdc.0": {
                    "type": "aws_route_table",
                    "depends_on": [
                        "aws_nat_gateway.natgw.*",
                        "aws_vpc.main",
                        "aws_vpc_peering_connection.infra",
                        "aws_vpn_gateway.vgw"
                    ],
                    "primary": {
                        "id": "rtb-6fe78309",
                        "attributes": {
                            "id": "rtb-6fe78309",
                            "propagating_vgws.#": "1",
                            "propagating_vgws.108689199": "vgw-33e53e2d",
                            "route.#": "2",
                            "route.1111569564.cidr_block": "10.127.63.7/32",
                            "route.1111569564.egress_only_gateway_id": "",
                            "route.1111569564.gateway_id": "",
                            "route.1111569564.instance_id": "",
                            "route.1111569564.ipv6_cidr_block": "",
                            "route.1111569564.nat_gateway_id": "",
                            "route.1111569564.network_interface_id": "",
                            "route.1111569564.vpc_peering_connection_id": "pcx-cc6dfda5",
                            "route.4068663458.cidr_block": "0.0.0.0/0",
                            "route.4068663458.egress_only_gateway_id": "",
                            "route.4068663458.gateway_id": "",
                            "route.4068663458.instance_id": "",
                            "route.4068663458.ipv6_cidr_block": "",
                            "route.4068663458.nat_gateway_id": "nat-0e3e0dff1a81fe6c1",
                            "route.4068663458.network_interface_id": "",
                            "route.4068663458.vpc_peering_connection_id": "",
                            "tags.%": "5",
                            "tags.Name": "pipeline-sunnyd-natdc-routetable",
                            "tags.account_name": "jive-infra-pipeline",
                            "tags.pipeline_phase": "pipeline-sunnyd",
                            "tags.region": "us-west-2",
                            "tags.sla": "non-prod",
                            "vpc_id": "vpc-6f1afc09"
                        },
                        "meta": {},
                        "tainted": false
                    },
                    "deposed": [],
                    "provider": ""
                },
                "aws_route_table.natdc.1": {
                    "type": "aws_route_table",
                    "depends_on": [
                        "aws_nat_gateway.natgw.*",
                        "aws_vpc.main",
                        "aws_vpc_peering_connection.infra",
                        "aws_vpn_gateway.vgw"
                    ],
                    "primary": {
                        "id": "rtb-27e58141",
                        "attributes": {
                            "id": "rtb-27e58141",
                            "propagating_vgws.#": "1",
                            "propagating_vgws.108689199": "vgw-33e53e2d",
                            "route.#": "2",
                            "route.1111569564.cidr_block": "10.127.63.7/32",
                            "route.1111569564.egress_only_gateway_id": "",
                            "route.1111569564.gateway_id": "",
                            "route.1111569564.instance_id": "",
                            "route.1111569564.ipv6_cidr_block": "",
                            "route.1111569564.nat_gateway_id": "",
                            "route.1111569564.network_interface_id": "",
                            "route.1111569564.vpc_peering_connection_id": "pcx-cc6dfda5",
                            "route.1195087999.cidr_block": "0.0.0.0/0",
                            "route.1195087999.egress_only_gateway_id": "",
                            "route.1195087999.gateway_id": "",
                            "route.1195087999.instance_id": "",
                            "route.1195087999.ipv6_cidr_block": "",
                            "route.1195087999.nat_gateway_id": "nat-0cb7e4f3a8a432c59",
                            "route.1195087999.network_interface_id": "",
                            "route.1195087999.vpc_peering_connection_id": "",
                            "tags.%": "5",
                            "tags.Name": "pipeline-sunnyd-natdc-routetable",
                            "tags.account_name": "jive-infra-pipeline",
                            "tags.pipeline_phase": "pipeline-sunnyd",
                            "tags.region": "us-west-2",
                            "tags.sla": "non-prod",
                            "vpc_id": "vpc-6f1afc09"
                        },
                        "meta": {},
                        "tainted": false
                    },
                    "deposed": [],
                    "provider": ""
                },
                "aws_route_table.natdc.2": {
                    "type": "aws_route_table",
                    "depends_on": [
                        "aws_nat_gateway.natgw.*",
                        "aws_vpc.main",
                        "aws_vpc_peering_connection.infra",
                        "aws_vpn_gateway.vgw"
                    ],
                    "primary": {
                        "id": "rtb-dce682ba",
                        "attributes": {
                            "id": "rtb-dce682ba",
                            "propagating_vgws.#": "1",
                            "propagating_vgws.108689199": "vgw-33e53e2d",
                            "route.#": "2",
                            "route.1111569564.cidr_block": "10.127.63.7/32",
                            "route.1111569564.egress_only_gateway_id": "",
                            "route.1111569564.gateway_id": "",
                            "route.1111569564.instance_id": "",
                            "route.1111569564.ipv6_cidr_block": "",
                            "route.1111569564.nat_gateway_id": "",
                            "route.1111569564.network_interface_id": "",
                            "route.1111569564.vpc_peering_connection_id": "pcx-cc6dfda5",
                            "route.998389460.cidr_block": "0.0.0.0/0",
                            "route.998389460.egress_only_gateway_id": "",
                            "route.998389460.gateway_id": "",
                            "route.998389460.instance_id": "",
                            "route.998389460.ipv6_cidr_block": "",
                            "route.998389460.nat_gateway_id": "nat-01f08cb238dd0b6c3",
                            "route.998389460.network_interface_id": "",
                            "route.998389460.vpc_peering_connection_id": "",
                            "tags.%": "5",
                            "tags.Name": "pipeline-sunnyd-natdc-routetable",
                            "tags.account_name": "jive-infra-pipeline",
                            "tags.pipeline_phase": "pipeline-sunnyd",
                            "tags.region": "us-west-2",
                            "tags.sla": "non-prod",
                            "vpc_id": "vpc-6f1afc09"
                        },
                        "meta": {},
                        "tainted": false
                    },
                    "deposed": [],
                    "provider": ""
                },
                "aws_route_table.private": {
                    "type": "aws_route_table",
                    "depends_on": [
                        "aws_vpc.main",
                        "aws_vpc_peering_connection.infra"
                    ],
                    "primary": {
                        "id": "rtb-41e58127",
                        "attributes": {
                            "id": "rtb-41e58127",
                            "propagating_vgws.#": "0",
                            "route.#": "1",
                            "route.1111569564.cidr_block": "10.127.63.7/32",
                            "route.1111569564.egress_only_gateway_id": "",
                            "route.1111569564.gateway_id": "",
                            "route.1111569564.instance_id": "",
                            "route.1111569564.ipv6_cidr_block": "",
                            "route.1111569564.nat_gateway_id": "",
                            "route.1111569564.network_interface_id": "",
                            "route.1111569564.vpc_peering_connection_id": "pcx-cc6dfda5",
                            "tags.%": "5",
                            "tags.Name": "pipeline-sunnyd-private-routetable",
                            "tags.account_name": "jive-infra-pipeline",
                            "tags.pipeline_phase": "pipeline-sunnyd",
                            "tags.region": "us-west-2",
                            "tags.sla": "non-prod",
                            "vpc_id": "vpc-6f1afc09"
                        },
                        "meta": {},
                        "tainted": false
                    },
                    "deposed": [],
                    "provider": ""
                },
                "aws_route_table.public": {
                    "type": "aws_route_table",
                    "depends_on": [
                        "aws_internet_gateway.igw",
                        "aws_vpc.main",
                        "aws_vpc_peering_connection.infra"
                    ],
                    "primary": {
                        "id": "rtb-1be5817d",
                        "attributes": {
                            "id": "rtb-1be5817d",
                            "propagating_vgws.#": "0",
                            "route.#": "2",
                            "route.1111569564.cidr_block": "10.127.63.7/32",
                            "route.1111569564.egress_only_gateway_id": "",
                            "route.1111569564.gateway_id": "",
                            "route.1111569564.instance_id": "",
                            "route.1111569564.ipv6_cidr_block": "",
                            "route.1111569564.nat_gateway_id": "",
                            "route.1111569564.network_interface_id": "",
                            "route.1111569564.vpc_peering_connection_id": "pcx-cc6dfda5",
                            "route.1970507296.cidr_block": "0.0.0.0/0",
                            "route.1970507296.egress_only_gateway_id": "",
                            "route.1970507296.gateway_id": "igw-ddc41aba",
                            "route.1970507296.instance_id": "",
                            "route.1970507296.ipv6_cidr_block": "",
                            "route.1970507296.nat_gateway_id": "",
                            "route.1970507296.network_interface_id": "",
                            "route.1970507296.vpc_peering_connection_id": "",
                            "tags.%": "6",
                            "tags.KubernetesCluster": "us-west-2_jive-infra-pipeline-sunnyd",
                            "tags.Name": "pipeline-sunnyd-public-routetable",
                            "tags.account_name": "jive-infra-pipeline",
                            "tags.pipeline_phase": "pipeline-sunnyd",
                            "tags.region": "us-west-2",
                            "tags.sla": "non-prod",
                            "vpc_id": "vpc-6f1afc09"
                        },
                        "meta": {},
                        "tainted": false
                    },
                    "deposed": [],
                    "provider": ""
                },
                "aws_route_table_association.natdc.0": {
                    "type": "aws_route_table_association",
                    "depends_on": [
                        "aws_route_table.natdc.*",
                        "aws_subnet.natdc.*"
                    ],
                    "primary": {
                        "id": "rtbassoc-93cba4ea",
                        "attributes": {
                            "id": "rtbassoc-93cba4ea",
                            "route_table_id": "rtb-6fe78309",
                            "subnet_id": "subnet-f3b3f9ba"
                        },
                        "meta": {},
                        "tainted": false
                    },
                    "deposed": [],
                    "provider": ""
                },
                "aws_route_table_association.natdc.1": {
                    "type": "aws_route_table_association",
                    "depends_on": [
                        "aws_route_table.natdc.*",
                        "aws_subnet.natdc.*"
                    ],
                    "primary": {
                        "id": "rtbassoc-90cba4e9",
                        "attributes": {
                            "id": "rtbassoc-90cba4e9",
                            "route_table_id": "rtb-27e58141",
                            "subnet_id": "subnet-15774572"
                        },
                        "meta": {},
                        "tainted": false
                    },
                    "deposed": [],
                    "provider": ""
                },
                "aws_route_table_association.natdc.2": {
                    "type": "aws_route_table_association",
                    "depends_on": [
                        "aws_route_table.natdc.*",
                        "aws_subnet.natdc.*"
                    ],
                    "primary": {
                        "id": "rtbassoc-84cda2fd",
                        "attributes": {
                            "id": "rtbassoc-84cda2fd",
                            "route_table_id": "rtb-dce682ba",
                            "subnet_id": "subnet-29ae7372"
                        },
                        "meta": {},
                        "tainted": false
                    },
                    "deposed": [],
                    "provider": ""
                },
                "aws_route_table_association.private.0": {
                    "type": "aws_route_table_association",
                    "depends_on": [
                        "aws_route_table.private",
                        "aws_subnet.private.*"
                    ],
                    "primary": {
                        "id": "rtbassoc-f7cda28e",
                        "attributes": {
                            "id": "rtbassoc-f7cda28e",
                            "route_table_id": "rtb-41e58127",
                            "subnet_id": "subnet-b4b3f9fd"
                        },
                        "meta": {},
                        "tainted": false
                    },
                    "deposed": [],
                    "provider": ""
                },
                "aws_route_table_association.private.1": {
                    "type": "aws_route_table_association",
                    "depends_on": [
                        "aws_route_table.private",
                        "aws_subnet.private.*"
                    ],
                    "primary": {
                        "id": "rtbassoc-35c9a64c",
                        "attributes": {
                            "id": "rtbassoc-35c9a64c",
                            "route_table_id": "rtb-41e58127",
                            "subnet_id": "subnet-ea71438d"
                        },
                        "meta": {},
                        "tainted": false
                    },
                    "deposed": [],
                    "provider": ""
                },
                "aws_route_table_association.private.2": {
                    "type": "aws_route_table_association",
                    "depends_on": [
                        "aws_route_table.private",
                        "aws_subnet.private.*"
                    ],
                    "primary": {
                        "id": "rtbassoc-59cda220",
                        "attributes": {
                            "id": "rtbassoc-59cda220",
                            "route_table_id": "rtb-41e58127",
                            "subnet_id": "subnet-aeac71f5"
                        },
                        "meta": {},
                        "tainted": false
                    },
                    "deposed": [],
                    "provider": ""
                },
                "aws_route_table_association.public.0": {
                    "type": "aws_route_table_association",
                    "depends_on": [
                        "aws_route_table.public",
                        "aws_subnet.public.*"
                    ],
                    "primary": {
                        "id": "rtbassoc-38592441",
                        "attributes": {
                            "id": "rtbassoc-38592441",
                            "route_table_id": "rtb-1be5817d",
                            "subnet_id": "subnet-8ac092c3"
                        },
                        "meta": {},
                        "tainted": false
                    },
                    "deposed": [],
                    "provider": ""
                },
                "aws_route_table_association.public.1": {
                    "type": "aws_route_table_association",
                    "depends_on": [
                        "aws_route_table.public",
                        "aws_subnet.public.*"
                    ],
                    "primary": {
                        "id": "rtbassoc-7354290a",
                        "attributes": {
                            "id": "rtbassoc-7354290a",
                            "route_table_id": "rtb-1be5817d",
                            "subnet_id": "subnet-7c9da61b"
                        },
                        "meta": {},
                        "tainted": false
                    },
                    "deposed": [],
                    "provider": ""
                },
                "aws_route_table_association.public.2": {
                    "type": "aws_route_table_association",
                    "depends_on": [
                        "aws_route_table.public",
                        "aws_subnet.public.*"
                    ],
                    "primary": {
                        "id": "rtbassoc-1254296b",
                        "attributes": {
                            "id": "rtbassoc-1254296b",
                            "route_table_id": "rtb-1be5817d",
                            "subnet_id": "subnet-5e24ff05"
                        },
                        "meta": {},
                        "tainted": false
                    },
                    "deposed": [],
                    "provider": ""
                },
                "aws_security_group.admin_instance": {
                    "type": "aws_security_group",
                    "depends_on": [
                        "aws_vpc.main"
                    ],
                    "primary": {
                        "id": "sg-dbad94a0",
                        "attributes": {
                            "description": "Admin instances for the VPC",
                            "egress.#": "0",
                            "id": "sg-dbad94a0",
                            "ingress.#": "0",
                            "name": "pipeline-sunnyd-admin-instance",
                            "owner_id": "517449413234",
                            "tags.%": "5",
                            "tags.Name": "pipeline-sunnyd-admin-instance",
                            "tags.account_name": "jive-infra-pipeline",
                            "tags.pipeline_phase": "pipeline-sunnyd",
                            "tags.region": "us-west-2",
                            "tags.sla": "non-prod",
                            "vpc_id": "vpc-6f1afc09"
                        },
                        "meta": {},
                        "tainted": false
                    },
                    "deposed": [],
                    "provider": ""
                },
                "aws_security_group.env_instance": {
                    "type": "aws_security_group",
                    "depends_on": [
                        "aws_vpc.main",
                        "data.aws_security_group.bastion"
                    ],
                    "primary": {
                        "id": "sg-75af960e",
                        "attributes": {
                            "description": "All instances within the evironment",
                            "egress.#": "1",
                            "egress.482069346.cidr_blocks.#": "1",
                            "egress.482069346.cidr_blocks.0": "0.0.0.0/0",
                            "egress.482069346.from_port": "0",
                            "egress.482069346.ipv6_cidr_blocks.#": "0",
                            "egress.482069346.prefix_list_ids.#": "0",
                            "egress.482069346.protocol": "-1",
                            "egress.482069346.security_groups.#": "0",
                            "egress.482069346.self": "false",
                            "egress.482069346.to_port": "0",
                            "id": "sg-75af960e",
                            "ingress.#": "3",
                            "ingress.2018012615.cidr_blocks.#": "0",
                            "ingress.2018012615.from_port": "22",
                            "ingress.2018012615.ipv6_cidr_blocks.#": "0",
                            "ingress.2018012615.protocol": "tcp",
                            "ingress.2018012615.security_groups.#": "1",
                            "ingress.2018012615.security_groups.461368761": "sg-e5aade83",
                            "ingress.2018012615.self": "false",
                            "ingress.2018012615.to_port": "22",
                            "ingress.3280021429.cidr_blocks.#": "1",
                            "ingress.3280021429.cidr_blocks.0": "10.0.0.0/8",
                            "ingress.3280021429.from_port": "8",
                            "ingress.3280021429.ipv6_cidr_blocks.#": "0",
                            "ingress.3280021429.protocol": "icmp",
                            "ingress.3280021429.security_groups.#": "0",
                            "ingress.3280021429.self": "false",
                            "ingress.3280021429.to_port": "0",
                            "ingress.3309089380.cidr_blocks.#": "0",
                            "ingress.3309089380.from_port": "8",
                            "ingress.3309089380.ipv6_cidr_blocks.#": "0",
                            "ingress.3309089380.protocol": "icmp",
                            "ingress.3309089380.security_groups.#": "1",
                            "ingress.3309089380.security_groups.461368761": "sg-e5aade83",
                            "ingress.3309089380.self": "false",
                            "ingress.3309089380.to_port": "0",
                            "name": "pipeline-sunnyd-instance",
                            "owner_id": "517449413234",
                            "tags.%": "5",
                            "tags.Name": "pipeline-sunnyd-instance",
                            "tags.account_name": "jive-infra-pipeline",
                            "tags.pipeline_phase": "pipeline-sunnyd",
                            "tags.region": "us-west-2",
                            "tags.sla": "non-prod",
                            "vpc_id": "vpc-6f1afc09"
                        },
                        "meta": {},
                        "tainted": false
                    },
                    "deposed": [],
                    "provider": ""
                },
                "aws_security_group.natgw_instance": {
                    "type": "aws_security_group",
                    "depends_on": [
                        "aws_security_group.env_instance",
                        "aws_vpc.main"
                    ],
                    "primary": {
                        "id": "sg-d5b68fae",
                        "attributes": {
                            "description": "Members of this SG are allowed to send any type of traffic to the NAT Box.",
                            "egress.#": "0",
                            "id": "sg-d5b68fae",
                            "ingress.#": "1",
                            "ingress.2172358165.cidr_blocks.#": "0",
                            "ingress.2172358165.from_port": "0",
                            "ingress.2172358165.ipv6_cidr_blocks.#": "0",
                            "ingress.2172358165.protocol": "-1",
                            "ingress.2172358165.security_groups.#": "1",
                            "ingress.2172358165.security_groups.2735799373": "sg-75af960e",
                            "ingress.2172358165.self": "false",
                            "ingress.2172358165.to_port": "0",
                            "name": "pipeline-sunnyd-natgw-instance",
                            "owner_id": "517449413234",
                            "tags.%": "5",
                            "tags.Name": "pipeline-sunnyd-natgw-instance",
                            "tags.account_name": "jive-infra-pipeline",
                            "tags.pipeline_phase": "pipeline-sunnyd",
                            "tags.region": "us-west-2",
                            "tags.sla": "non-prod",
                            "vpc_id": "vpc-6f1afc09"
                        },
                        "meta": {},
                        "tainted": false
                    },
                    "deposed": [],
                    "provider": ""
                },
                "aws_subnet.natdc.0": {
                    "type": "aws_subnet",
                    "depends_on": [
                        "aws_vpc.main"
                    ],
                    "primary": {
                        "id": "subnet-f3b3f9ba",
                        "attributes": {
                            "assign_ipv6_address_on_creation": "false",
                            "availability_zone": "us-west-2a",
                            "cidr_block": "10.122.0.0/22",
                            "id": "subnet-f3b3f9ba",
                            "map_public_ip_on_launch": "false",
                            "tags.%": "7",
                            "tags.KubernetesCluster": "us-west-2_jive-infra-pipeline-sunnyd",
                            "tags.Name": "pipeline-sunnyd-natdc-subnet",
                            "tags.account_name": "jive-infra-pipeline",
                            "tags.kubernetes.io/role/internal-elb": "us-west-2_jive-infra-pipeline-sunnyd",
                            "tags.pipeline_phase": "pipeline-sunnyd",
                            "tags.region": "us-west-2",
                            "tags.sla": "non-prod",
                            "vpc_id": "vpc-6f1afc09"
                        },
                        "meta": {},
                        "tainted": false
                    },
                    "deposed": [],
                    "provider": ""
                },
                "aws_subnet.natdc.1": {
                    "type": "aws_subnet",
                    "depends_on": [
                        "aws_vpc.main"
                    ],
                    "primary": {
                        "id": "subnet-15774572",
                        "attributes": {
                            "assign_ipv6_address_on_creation": "false",
                            "availability_zone": "us-west-2b",
                            "cidr_block": "10.122.4.0/22",
                            "id": "subnet-15774572",
                            "map_public_ip_on_launch": "false",
                            "tags.%": "7",
                            "tags.KubernetesCluster": "us-west-2_jive-infra-pipeline-sunnyd",
                            "tags.Name": "pipeline-sunnyd-natdc-subnet",
                            "tags.account_name": "jive-infra-pipeline",
                            "tags.kubernetes.io/role/internal-elb": "us-west-2_jive-infra-pipeline-sunnyd",
                            "tags.pipeline_phase": "pipeline-sunnyd",
                            "tags.region": "us-west-2",
                            "tags.sla": "non-prod",
                            "vpc_id": "vpc-6f1afc09"
                        },
                        "meta": {},
                        "tainted": false
                    },
                    "deposed": [],
                    "provider": ""
                },
                "aws_subnet.natdc.2": {
                    "type": "aws_subnet",
                    "depends_on": [
                        "aws_vpc.main"
                    ],
                    "primary": {
                        "id": "subnet-29ae7372",
                        "attributes": {
                            "assign_ipv6_address_on_creation": "false",
                            "availability_zone": "us-west-2c",
                            "cidr_block": "10.122.8.0/22",
                            "id": "subnet-29ae7372",
                            "map_public_ip_on_launch": "false",
                            "tags.%": "7",
                            "tags.KubernetesCluster": "us-west-2_jive-infra-pipeline-sunnyd",
                            "tags.Name": "pipeline-sunnyd-natdc-subnet",
                            "tags.account_name": "jive-infra-pipeline",
                            "tags.kubernetes.io/role/internal-elb": "us-west-2_jive-infra-pipeline-sunnyd",
                            "tags.pipeline_phase": "pipeline-sunnyd",
                            "tags.region": "us-west-2",
                            "tags.sla": "non-prod",
                            "vpc_id": "vpc-6f1afc09"
                        },
                        "meta": {},
                        "tainted": false
                    },
                    "deposed": [],
                    "provider": ""
                },
                "aws_subnet.private.0": {
                    "type": "aws_subnet",
                    "depends_on": [
                        "aws_vpc.main"
                    ],
                    "primary": {
                        "id": "subnet-b4b3f9fd",
                        "attributes": {
                            "assign_ipv6_address_on_creation": "false",
                            "availability_zone": "us-west-2a",
                            "cidr_block": "10.122.13.128/25",
                            "id": "subnet-b4b3f9fd",
                            "map_public_ip_on_launch": "false",
                            "tags.%": "5",
                            "tags.Name": "pipeline-sunnyd-private-subnet",
                            "tags.account_name": "jive-infra-pipeline",
                            "tags.pipeline_phase": "pipeline-sunnyd",
                            "tags.region": "us-west-2",
                            "tags.sla": "non-prod",
                            "vpc_id": "vpc-6f1afc09"
                        },
                        "meta": {},
                        "tainted": false
                    },
                    "deposed": [],
                    "provider": ""
                },
                "aws_subnet.private.1": {
                    "type": "aws_subnet",
                    "depends_on": [
                        "aws_vpc.main"
                    ],
                    "primary": {
                        "id": "subnet-ea71438d",
                        "attributes": {
                            "assign_ipv6_address_on_creation": "false",
                            "availability_zone": "us-west-2b",
                            "cidr_block": "10.122.14.0/25",
                            "id": "subnet-ea71438d",
                            "map_public_ip_on_launch": "false",
                            "tags.%": "5",
                            "tags.Name": "pipeline-sunnyd-private-subnet",
                            "tags.account_name": "jive-infra-pipeline",
                            "tags.pipeline_phase": "pipeline-sunnyd",
                            "tags.region": "us-west-2",
                            "tags.sla": "non-prod",
                            "vpc_id": "vpc-6f1afc09"
                        },
                        "meta": {},
                        "tainted": false
                    },
                    "deposed": [],
                    "provider": ""
                },
                "aws_subnet.private.2": {
                    "type": "aws_subnet",
                    "depends_on": [
                        "aws_vpc.main"
                    ],
                    "primary": {
                        "id": "subnet-aeac71f5",
                        "attributes": {
                            "assign_ipv6_address_on_creation": "false",
                            "availability_zone": "us-west-2c",
                            "cidr_block": "10.122.14.128/25",
                            "id": "subnet-aeac71f5",
                            "map_public_ip_on_launch": "false",
                            "tags.%": "5",
                            "tags.Name": "pipeline-sunnyd-private-subnet",
                            "tags.account_name": "jive-infra-pipeline",
                            "tags.pipeline_phase": "pipeline-sunnyd",
                            "tags.region": "us-west-2",
                            "tags.sla": "non-prod",
                            "vpc_id": "vpc-6f1afc09"
                        },
                        "meta": {},
                        "tainted": false
                    },
                    "deposed": [],
                    "provider": ""
                },
                "aws_subnet.public.0": {
                    "type": "aws_subnet",
                    "depends_on": [
                        "aws_vpc.main"
                    ],
                    "primary": {
                        "id": "subnet-8ac092c3",
                        "attributes": {
                            "assign_ipv6_address_on_creation": "false",
                            "availability_zone": "us-west-2a",
                            "cidr_block": "10.122.12.0/25",
                            "id": "subnet-8ac092c3",
                            "map_public_ip_on_launch": "false",
                            "tags.%": "6",
                            "tags.KubernetesCluster": "us-west-2_jive-infra-pipeline-sunnyd",
                            "tags.Name": "pipeline-sunnyd-public-subnet",
                            "tags.account_name": "jive-infra-pipeline",
                            "tags.pipeline_phase": "pipeline-sunnyd",
                            "tags.region": "us-west-2",
                            "tags.sla": "non-prod",
                            "vpc_id": "vpc-6f1afc09"
                        },
                        "meta": {},
                        "tainted": false
                    },
                    "deposed": [],
                    "provider": ""
                },
                "aws_subnet.public.1": {
                    "type": "aws_subnet",
                    "depends_on": [
                        "aws_vpc.main"
                    ],
                    "primary": {
                        "id": "subnet-7c9da61b",
                        "attributes": {
                            "assign_ipv6_address_on_creation": "false",
                            "availability_zone": "us-west-2b",
                            "cidr_block": "10.122.12.128/25",
                            "id": "subnet-7c9da61b",
                            "map_public_ip_on_launch": "false",
                            "tags.%": "6",
                            "tags.KubernetesCluster": "us-west-2_jive-infra-pipeline-sunnyd",
                            "tags.Name": "pipeline-sunnyd-public-subnet",
                            "tags.account_name": "jive-infra-pipeline",
                            "tags.pipeline_phase": "pipeline-sunnyd",
                            "tags.region": "us-west-2",
                            "tags.sla": "non-prod",
                            "vpc_id": "vpc-6f1afc09"
                        },
                        "meta": {},
                        "tainted": false
                    },
                    "deposed": [],
                    "provider": ""
                },
                "aws_subnet.public.2": {
                    "type": "aws_subnet",
                    "depends_on": [
                        "aws_vpc.main"
                    ],
                    "primary": {
                        "id": "subnet-5e24ff05",
                        "attributes": {
                            "assign_ipv6_address_on_creation": "false",
                            "availability_zone": "us-west-2c",
                            "cidr_block": "10.122.13.0/25",
                            "id": "subnet-5e24ff05",
                            "map_public_ip_on_launch": "false",
                            "tags.%": "6",
                            "tags.KubernetesCluster": "us-west-2_jive-infra-pipeline-sunnyd",
                            "tags.Name": "pipeline-sunnyd-public-subnet",
                            "tags.account_name": "jive-infra-pipeline",
                            "tags.pipeline_phase": "pipeline-sunnyd",
                            "tags.region": "us-west-2",
                            "tags.sla": "non-prod",
                            "vpc_id": "vpc-6f1afc09"
                        },
                        "meta": {},
                        "tainted": false
                    },
                    "deposed": [],
                    "provider": ""
                },
                "aws_vpc.main": {
                    "type": "aws_vpc",
                    "depends_on": [],
                    "primary": {
                        "id": "vpc-6f1afc09",
                        "attributes": {
                            "assign_generated_ipv6_cidr_block": "false",
                            "cidr_block": "10.122.0.0/20",
                            "default_network_acl_id": "acl-2fd17249",
                            "default_route_table_id": "rtb-bae581dc",
                            "default_security_group_id": "sg-e5ad949e",
                            "dhcp_options_id": "dopt-bcf914d8",
                            "enable_classiclink": "false",
                            "enable_dns_hostnames": "true",
                            "enable_dns_support": "true",
                            "id": "vpc-6f1afc09",
                            "instance_tenancy": "default",
                            "main_route_table_id": "rtb-bae581dc",
                            "tags.%": "5",
                            "tags.Name": "pipeline-sunnyd-vpc",
                            "tags.account_name": "jive-infra-pipeline",
                            "tags.pipeline_phase": "pipeline-sunnyd",
                            "tags.region": "us-west-2",
                            "tags.sla": "non-prod"
                        },
                        "meta": {
                            "schema_version": "1"
                        },
                        "tainted": false
                    },
                    "deposed": [],
                    "provider": ""
                },
                "aws_vpc_peering_connection.infra": {
                    "type": "aws_vpc_peering_connection",
                    "depends_on": [
                        "aws_vpc.main"
                    ],
                    "primary": {
                        "id": "pcx-cc6dfda5",
                        "attributes": {
                            "accept_status": "active",
                            "accepter.#": "1",
                            "accepter.3244290774.allow_classic_link_to_remote_vpc": "false",
                            "accepter.3244290774.allow_remote_vpc_dns_resolution": "false",
                            "accepter.3244290774.allow_vpc_to_remote_classic_link": "false",
                            "auto_accept": "true",
                            "id": "pcx-cc6dfda5",
                            "peer_owner_id": "517449413234",
                            "peer_vpc_id": "vpc-1f7b3d7b",
                            "requester.#": "1",
                            "requester.3244290774.allow_classic_link_to_remote_vpc": "false",
                            "requester.3244290774.allow_remote_vpc_dns_resolution": "false",
                            "requester.3244290774.allow_vpc_to_remote_classic_link": "false",
                            "tags.%": "5",
                            "tags.Name": "pipeline-sunnyd_to_infra-jive-infra-pipeline",
                            "tags.account_name": "jive-infra-pipeline",
                            "tags.pipeline_phase": "pipeline-sunnyd",
                            "tags.region": "us-west-2",
                            "tags.sla": "non-prod",
                            "vpc_id": "vpc-6f1afc09"
                        },
                        "meta": {},
                        "tainted": false
                    },
                    "deposed": [],
                    "provider": ""
                },
                "aws_vpn_gateway.vgw": {
                    "type": "aws_vpn_gateway",
                    "depends_on": [
                        "aws_vpc.main"
                    ],
                    "primary": {
                        "id": "vgw-33e53e2d",
                        "attributes": {
                            "id": "vgw-33e53e2d",
                            "tags.%": "7",
                            "tags.Name": "pipeline-sunnyd-vgw",
                            "tags.account_name": "jive-infra-pipeline",
                            "tags.jive_service": "infrastructure",
                            "tags.pipeline_phase": "pipeline-sunnyd",
                            "tags.region": "us-west-2",
                            "tags.service_component": "vpn_gateway",
                            "tags.sla": "non-prod",
                            "vpc_id": "vpc-6f1afc09"
                        },
                        "meta": {},
                        "tainted": false
                    },
                    "deposed": [],
                    "provider": ""
                },
                "data.aws_security_group.bastion": {
                    "type": "aws_security_group",
                    "depends_on": [],
                    "primary": {
                        "id": "sg-e5aade83",
                        "attributes": {
                            "filter.#": "1",
                            "filter.1988431066.name": "tag:jive_service",
                            "filter.1988431066.values.#": "1",
                            "filter.1988431066.values.2480389212": "infrastructure",
                            "id": "sg-e5aade83",
                            "name": "infra-pipeline-jive-phx-dc",
                            "tags.%": "6",
                            "tags.Name": "infra-pipeline-jive-phx-dc",
                            "tags.account_name": "jive-infra-pipeline",
                            "tags.jive_service": "infrastructure",
                            "tags.pipeline_phase": "infra-pipeline",
                            "tags.region": "us-west-2",
                            "tags.sla": "non-prod",
                            "vpc_id": "vpc-1f7b3d7b"
                        },
                        "meta": {},
                        "tainted": false
                    },
                    "deposed": [],
                    "provider": ""
                }
            },
            "depends_on": []
        }
    ]
}
