{
    "version": 3,
    "terraform_version": "0.7.13",
    "serial": 5,
    "lineage": "c74dc404-7966-45c6-babc-ff110c868679",
    "modules": [
        {
            "path": [
                "root"
            ],
            "outputs": {},
            "resources": {
                "aws_ebs_volume.upena_miru_i1_v0": {
                    "type": "aws_ebs_volume",
                    "depends_on": [],
                    "primary": {
                        "id": "vol-0e851212ab90aa0b7",
                        "attributes": {
                            "availability_zone": "us-west-2a",
                            "encrypted": "true",
                            "id": "vol-0e851212ab90aa0b7",
                            "kms_key_id": "arn:aws:kms:us-west-2:870846026232:key/1ac4e3ea-b4c1-44b7-af4d-79aeb740a0c4",
                            "size": "500",
                            "snapshot_id": "",
                            "tags.%": "7",
                            "tags.Account_name": "jive-reco-prod",
                            "tags.Jive_service": "upena",
                            "tags.Name": "prod-upena-miru-i1-v0",
                            "tags.Pipeline_phase": "prod",
                            "tags.Region": "us-west-2",
                            "tags.SLA": "prod",
                            "tags.Service_component": "upena-miru",
                            "type": "st1"
                        },
                        "meta": {},
                        "tainted": false
                    },
                    "deposed": [],
                    "provider": ""
                },
                "aws_ebs_volume.upena_miru_i1_v1": {
                    "type": "aws_ebs_volume",
                    "depends_on": [],
                    "primary": {
                        "id": "vol-05a4ede7374286bd6",
                        "attributes": {
                            "availability_zone": "us-west-2a",
                            "encrypted": "true",
                            "id": "vol-05a4ede7374286bd6",
                            "kms_key_id": "arn:aws:kms:us-west-2:870846026232:key/1ac4e3ea-b4c1-44b7-af4d-79aeb740a0c4",
                            "size": "2000",
                            "snapshot_id": "",
                            "tags.%": "7",
                            "tags.Account_name": "jive-reco-prod",
                            "tags.Jive_service": "upena",
                            "tags.Name": "prod-upena-miru-i1-v1",
                            "tags.Pipeline_phase": "prod",
                            "tags.Region": "us-west-2",
                            "tags.SLA": "prod",
                            "tags.Service_component": "upena-miru",
                            "type": "st1"
                        },
                        "meta": {},
                        "tainted": false
                    },
                    "deposed": [],
                    "provider": ""
                },
                "aws_ebs_volume.upena_miru_i1_v2": {
                    "type": "aws_ebs_volume",
                    "depends_on": [],
                    "primary": {
                        "id": "vol-0fe52dafb8d0bd021",
                        "attributes": {
                            "availability_zone": "us-west-2a",
                            "encrypted": "true",
                            "id": "vol-0fe52dafb8d0bd021",
                            "kms_key_id": "arn:aws:kms:us-west-2:870846026232:key/1ac4e3ea-b4c1-44b7-af4d-79aeb740a0c4",
                            "size": "2000",
                            "snapshot_id": "",
                            "tags.%": "7",
                            "tags.Account_name": "jive-reco-prod",
                            "tags.Jive_service": "upena",
                            "tags.Name": "prod-upena-miru-i1-v2",
                            "tags.Pipeline_phase": "prod",
                            "tags.Region": "us-west-2",
                            "tags.SLA": "prod",
                            "tags.Service_component": "upena-miru",
                            "type": "st1"
                        },
                        "meta": {},
                        "tainted": false
                    },
                    "deposed": [],
                    "provider": ""
                },
                "aws_ebs_volume.upena_miru_i1_v3": {
                    "type": "aws_ebs_volume",
                    "depends_on": [],
                    "primary": {
                        "id": "vol-0d2c4ef2a1275a17e",
                        "attributes": {
                            "availability_zone": "us-west-2a",
                            "encrypted": "true",
                            "id": "vol-0d2c4ef2a1275a17e",
                            "kms_key_id": "arn:aws:kms:us-west-2:870846026232:key/1ac4e3ea-b4c1-44b7-af4d-79aeb740a0c4",
                            "size": "2000",
                            "snapshot_id": "",
                            "tags.%": "7",
                            "tags.Account_name": "jive-reco-prod",
                            "tags.Jive_service": "upena",
                            "tags.Name": "prod-upena-miru-i1-v3",
                            "tags.Pipeline_phase": "prod",
                            "tags.Region": "us-west-2",
                            "tags.SLA": "prod",
                            "tags.Service_component": "upena-miru",
                            "type": "st1"
                        },
                        "meta": {},
                        "tainted": false
                    },
                    "deposed": [],
                    "provider": ""
                },
                "aws_ebs_volume.upena_miru_i2_v0": {
                    "type": "aws_ebs_volume",
                    "depends_on": [],
                    "primary": {
                        "id": "vol-05ec171fe91a3f69c",
                        "attributes": {
                            "availability_zone": "us-west-2b",
                            "encrypted": "true",
                            "id": "vol-05ec171fe91a3f69c",
                            "kms_key_id": "arn:aws:kms:us-west-2:870846026232:key/1ac4e3ea-b4c1-44b7-af4d-79aeb740a0c4",
                            "size": "500",
                            "snapshot_id": "",
                            "tags.%": "7",
                            "tags.Account_name": "jive-reco-prod",
                            "tags.Jive_service": "upena",
                            "tags.Name": "prod-upena-miru-i2-v0",
                            "tags.Pipeline_phase": "prod",
                            "tags.Region": "us-west-2",
                            "tags.SLA": "prod",
                            "tags.Service_component": "upena-miru",
                            "type": "st1"
                        },
                        "meta": {},
                        "tainted": false
                    },
                    "deposed": [],
                    "provider": ""
                },
                "aws_ebs_volume.upena_miru_i2_v1": {
                    "type": "aws_ebs_volume",
                    "depends_on": [],
                    "primary": {
                        "id": "vol-024e216d1fdf7d247",
                        "attributes": {
                            "availability_zone": "us-west-2b",
                            "encrypted": "true",
                            "id": "vol-024e216d1fdf7d247",
                            "kms_key_id": "arn:aws:kms:us-west-2:870846026232:key/1ac4e3ea-b4c1-44b7-af4d-79aeb740a0c4",
                            "size": "2000",
                            "snapshot_id": "",
                            "tags.%": "7",
                            "tags.Account_name": "jive-reco-prod",
                            "tags.Jive_service": "upena",
                            "tags.Name": "prod-upena-miru-i2-v1",
                            "tags.Pipeline_phase": "prod",
                            "tags.Region": "us-west-2",
                            "tags.SLA": "prod",
                            "tags.Service_component": "upena-miru",
                            "type": "st1"
                        },
                        "meta": {},
                        "tainted": false
                    },
                    "deposed": [],
                    "provider": ""
                },
                "aws_ebs_volume.upena_miru_i2_v2": {
                    "type": "aws_ebs_volume",
                    "depends_on": [],
                    "primary": {
                        "id": "vol-01c555050dcd6073f",
                        "attributes": {
                            "availability_zone": "us-west-2b",
                            "encrypted": "true",
                            "id": "vol-01c555050dcd6073f",
                            "kms_key_id": "arn:aws:kms:us-west-2:870846026232:key/1ac4e3ea-b4c1-44b7-af4d-79aeb740a0c4",
                            "size": "2000",
                            "snapshot_id": "",
                            "tags.%": "7",
                            "tags.Account_name": "jive-reco-prod",
                            "tags.Jive_service": "upena",
                            "tags.Name": "prod-upena-miru-i2-v2",
                            "tags.Pipeline_phase": "prod",
                            "tags.Region": "us-west-2",
                            "tags.SLA": "prod",
                            "tags.Service_component": "upena-miru",
                            "type": "st1"
                        },
                        "meta": {},
                        "tainted": false
                    },
                    "deposed": [],
                    "provider": ""
                },
                "aws_ebs_volume.upena_miru_i2_v3": {
                    "type": "aws_ebs_volume",
                    "depends_on": [],
                    "primary": {
                        "id": "vol-0c9da565f33911f86",
                        "attributes": {
                            "availability_zone": "us-west-2b",
                            "encrypted": "true",
                            "id": "vol-0c9da565f33911f86",
                            "kms_key_id": "arn:aws:kms:us-west-2:870846026232:key/1ac4e3ea-b4c1-44b7-af4d-79aeb740a0c4",
                            "size": "2000",
                            "snapshot_id": "",
                            "tags.%": "7",
                            "tags.Account_name": "jive-reco-prod",
                            "tags.Jive_service": "upena",
                            "tags.Name": "prod-upena-miru-i2-v3",
                            "tags.Pipeline_phase": "prod",
                            "tags.Region": "us-west-2",
                            "tags.SLA": "prod",
                            "tags.Service_component": "upena-miru",
                            "type": "st1"
                        },
                        "meta": {},
                        "tainted": false
                    },
                    "deposed": [],
                    "provider": ""
                },
                "aws_ebs_volume.upena_miru_i3_v0": {
                    "type": "aws_ebs_volume",
                    "depends_on": [],
                    "primary": {
                        "id": "vol-0955ddcd8a2b1d11a",
                        "attributes": {
                            "availability_zone": "us-west-2c",
                            "encrypted": "true",
                            "id": "vol-0955ddcd8a2b1d11a",
                            "kms_key_id": "arn:aws:kms:us-west-2:870846026232:key/1ac4e3ea-b4c1-44b7-af4d-79aeb740a0c4",
                            "size": "500",
                            "snapshot_id": "",
                            "tags.%": "7",
                            "tags.Account_name": "jive-reco-prod",
                            "tags.Jive_service": "upena",
                            "tags.Name": "prod-upena-miru-i3-v0",
                            "tags.Pipeline_phase": "prod",
                            "tags.Region": "us-west-2",
                            "tags.SLA": "prod",
                            "tags.Service_component": "upena-miru",
                            "type": "st1"
                        },
                        "meta": {},
                        "tainted": false
                    },
                    "deposed": [],
                    "provider": ""
                },
                "aws_ebs_volume.upena_miru_i3_v1": {
                    "type": "aws_ebs_volume",
                    "depends_on": [],
                    "primary": {
                        "id": "vol-0a2e22d2e57c6f773",
                        "attributes": {
                            "availability_zone": "us-west-2c",
                            "encrypted": "true",
                            "id": "vol-0a2e22d2e57c6f773",
                            "kms_key_id": "arn:aws:kms:us-west-2:870846026232:key/1ac4e3ea-b4c1-44b7-af4d-79aeb740a0c4",
                            "size": "2000",
                            "snapshot_id": "",
                            "tags.%": "7",
                            "tags.Account_name": "jive-reco-prod",
                            "tags.Jive_service": "upena",
                            "tags.Name": "prod-upena-miru-i3-v1",
                            "tags.Pipeline_phase": "prod",
                            "tags.Region": "us-west-2",
                            "tags.SLA": "prod",
                            "tags.Service_component": "upena-miru",
                            "type": "st1"
                        },
                        "meta": {},
                        "tainted": false
                    },
                    "deposed": [],
                    "provider": ""
                },
                "aws_ebs_volume.upena_miru_i3_v2": {
                    "type": "aws_ebs_volume",
                    "depends_on": [],
                    "primary": {
                        "id": "vol-01f7b30a2da8523e5",
                        "attributes": {
                            "availability_zone": "us-west-2c",
                            "encrypted": "true",
                            "id": "vol-01f7b30a2da8523e5",
                            "kms_key_id": "arn:aws:kms:us-west-2:870846026232:key/1ac4e3ea-b4c1-44b7-af4d-79aeb740a0c4",
                            "size": "2000",
                            "snapshot_id": "",
                            "tags.%": "7",
                            "tags.Account_name": "jive-reco-prod",
                            "tags.Jive_service": "upena",
                            "tags.Name": "prod-upena-miru-i3-v2",
                            "tags.Pipeline_phase": "prod",
                            "tags.Region": "us-west-2",
                            "tags.SLA": "prod",
                            "tags.Service_component": "upena-miru",
                            "type": "st1"
                        },
                        "meta": {},
                        "tainted": false
                    },
                    "deposed": [],
                    "provider": ""
                },
                "aws_ebs_volume.upena_miru_i3_v3": {
                    "type": "aws_ebs_volume",
                    "depends_on": [],
                    "primary": {
                        "id": "vol-0b6503500d4797162",
                        "attributes": {
                            "availability_zone": "us-west-2c",
                            "encrypted": "true",
                            "id": "vol-0b6503500d4797162",
                            "kms_key_id": "arn:aws:kms:us-west-2:870846026232:key/1ac4e3ea-b4c1-44b7-af4d-79aeb740a0c4",
                            "size": "2000",
                            "snapshot_id": "",
                            "tags.%": "7",
                            "tags.Account_name": "jive-reco-prod",
                            "tags.Jive_service": "upena",
                            "tags.Name": "prod-upena-miru-i3-v3",
                            "tags.Pipeline_phase": "prod",
                            "tags.Region": "us-west-2",
                            "tags.SLA": "prod",
                            "tags.Service_component": "upena-miru",
                            "type": "st1"
                        },
                        "meta": {},
                        "tainted": false
                    },
                    "deposed": [],
                    "provider": ""
                },
                "aws_instance.upena_miru_i1": {
                    "type": "aws_instance",
                    "depends_on": [
                        "aws_security_group.upena_miru_sg"
                    ],
                    "primary": {
                        "id": "i-0769a830d028a5447",
                        "attributes": {
                            "ami": "ami-1e299d7e",
                            "associate_public_ip_address": "false",
                            "availability_zone": "us-west-2a",
                            "disable_api_termination": "false",
                            "ebs_block_device.#": "4",
                            "ebs_block_device.2630216116.delete_on_termination": "false",
                            "ebs_block_device.2630216116.device_name": "/dev/sde",
                            "ebs_block_device.2630216116.encrypted": "true",
                            "ebs_block_device.2630216116.iops": "0",
                            "ebs_block_device.2630216116.snapshot_id": "",
                            "ebs_block_device.2630216116.volume_size": "2000",
                            "ebs_block_device.2630216116.volume_type": "st1",
                            "ebs_block_device.2634515331.delete_on_termination": "false",
                            "ebs_block_device.2634515331.device_name": "/dev/sdd",
                            "ebs_block_device.2634515331.encrypted": "true",
                            "ebs_block_device.2634515331.iops": "0",
                            "ebs_block_device.2634515331.snapshot_id": "",
                            "ebs_block_device.2634515331.volume_size": "500",
                            "ebs_block_device.2634515331.volume_type": "st1",
                            "ebs_block_device.2659407853.delete_on_termination": "false",
                            "ebs_block_device.2659407853.device_name": "/dev/sdf",
                            "ebs_block_device.2659407853.encrypted": "true",
                            "ebs_block_device.2659407853.iops": "0",
                            "ebs_block_device.2659407853.snapshot_id": "",
                            "ebs_block_device.2659407853.volume_size": "2000",
                            "ebs_block_device.2659407853.volume_type": "st1",
                            "ebs_block_device.2671853018.delete_on_termination": "false",
                            "ebs_block_device.2671853018.device_name": "/dev/sdg",
                            "ebs_block_device.2671853018.encrypted": "true",
                            "ebs_block_device.2671853018.iops": "0",
                            "ebs_block_device.2671853018.snapshot_id": "",
                            "ebs_block_device.2671853018.volume_size": "2000",
                            "ebs_block_device.2671853018.volume_type": "st1",
                            "ebs_optimized": "true",
                            "ephemeral_block_device.#": "0",
                            "iam_instance_profile": "upena-profile",
                            "id": "i-0769a830d028a5447",
                            "instance_state": "running",
                            "instance_type": "r4.xlarge",
                            "key_name": "reco-prod",
                            "monitoring": "false",
                            "network_interface_id": "eni-1afe6259",
                            "private_dns": "ip-10-126-98-79.us-west-2.compute.internal",
                            "private_ip": "10.126.98.79",
                            "public_dns": "",
                            "public_ip": "",
                            "root_block_device.#": "1",
                            "root_block_device.0.delete_on_termination": "true",
                            "root_block_device.0.iops": "0",
                            "root_block_device.0.volume_size": "8",
                            "root_block_device.0.volume_type": "standard",
                            "security_groups.#": "0",
                            "source_dest_check": "true",
                            "subnet_id": "subnet-4ba5703d",
                            "tags.%": "7",
                            "tags.Account_name": "jive-reco-prod",
                            "tags.Jive_service": "upena",
                            "tags.Name": "prod-upena-miru-i1",
                            "tags.Pipeline_phase": "prod",
                            "tags.Region": "us-west-2",
                            "tags.SLA": "prod",
                            "tags.Service_component": "upena-miru",
                            "tenancy": "default",
                            "user_data": "50f17a6874daa70625669dc3325f5aeeabefe184",
                            "vpc_security_group_ids.#": "2",
                            "vpc_security_group_ids.3830533127": "sg-0a6ebc72",
                            "vpc_security_group_ids.744384824": "sg-77687f10"
                        },
                        "meta": {
                            "schema_version": "1"
                        },
                        "tainted": false
                    },
                    "deposed": [],
                    "provider": ""
                },
                "aws_instance.upena_miru_i2": {
                    "type": "aws_instance",
                    "depends_on": [
                        "aws_security_group.upena_miru_sg"
                    ],
                    "primary": {
                        "id": "i-0d75c9cba3d737175",
                        "attributes": {
                            "ami": "ami-1e299d7e",
                            "associate_public_ip_address": "false",
                            "availability_zone": "us-west-2b",
                            "disable_api_termination": "false",
                            "ebs_block_device.#": "4",
                            "ebs_block_device.2630216116.delete_on_termination": "false",
                            "ebs_block_device.2630216116.device_name": "/dev/sde",
                            "ebs_block_device.2630216116.encrypted": "true",
                            "ebs_block_device.2630216116.iops": "0",
                            "ebs_block_device.2630216116.snapshot_id": "",
                            "ebs_block_device.2630216116.volume_size": "2000",
                            "ebs_block_device.2630216116.volume_type": "st1",
                            "ebs_block_device.2634515331.delete_on_termination": "false",
                            "ebs_block_device.2634515331.device_name": "/dev/sdd",
                            "ebs_block_device.2634515331.encrypted": "true",
                            "ebs_block_device.2634515331.iops": "0",
                            "ebs_block_device.2634515331.snapshot_id": "",
                            "ebs_block_device.2634515331.volume_size": "500",
                            "ebs_block_device.2634515331.volume_type": "st1",
                            "ebs_block_device.2659407853.delete_on_termination": "false",
                            "ebs_block_device.2659407853.device_name": "/dev/sdf",
                            "ebs_block_device.2659407853.encrypted": "true",
                            "ebs_block_device.2659407853.iops": "0",
                            "ebs_block_device.2659407853.snapshot_id": "",
                            "ebs_block_device.2659407853.volume_size": "2000",
                            "ebs_block_device.2659407853.volume_type": "st1",
                            "ebs_block_device.2671853018.delete_on_termination": "false",
                            "ebs_block_device.2671853018.device_name": "/dev/sdg",
                            "ebs_block_device.2671853018.encrypted": "true",
                            "ebs_block_device.2671853018.iops": "0",
                            "ebs_block_device.2671853018.snapshot_id": "",
                            "ebs_block_device.2671853018.volume_size": "2000",
                            "ebs_block_device.2671853018.volume_type": "st1",
                            "ebs_optimized": "true",
                            "ephemeral_block_device.#": "0",
                            "iam_instance_profile": "upena-profile",
                            "id": "i-0d75c9cba3d737175",
                            "instance_state": "running",
                            "instance_type": "r4.xlarge",
                            "key_name": "reco-prod",
                            "monitoring": "false",
                            "network_interface_id": "eni-b8dec0c9",
                            "private_dns": "ip-10-126-103-225.us-west-2.compute.internal",
                            "private_ip": "10.126.103.225",
                            "public_dns": "",
                            "public_ip": "",
                            "root_block_device.#": "1",
                            "root_block_device.0.delete_on_termination": "true",
                            "root_block_device.0.iops": "0",
                            "root_block_device.0.volume_size": "8",
                            "root_block_device.0.volume_type": "standard",
                            "security_groups.#": "0",
                            "source_dest_check": "true",
                            "subnet_id": "subnet-6178c805",
                            "tags.%": "7",
                            "tags.Account_name": "jive-reco-prod",
                            "tags.Jive_service": "upena",
                            "tags.Name": "prod-upena-miru-i2",
                            "tags.Pipeline_phase": "prod",
                            "tags.Region": "us-west-2",
                            "tags.SLA": "prod",
                            "tags.Service_component": "upena-miru",
                            "tenancy": "default",
                            "user_data": "50f17a6874daa70625669dc3325f5aeeabefe184",
                            "vpc_security_group_ids.#": "2",
                            "vpc_security_group_ids.3830533127": "sg-0a6ebc72",
                            "vpc_security_group_ids.744384824": "sg-77687f10"
                        },
                        "meta": {
                            "schema_version": "1"
                        },
                        "tainted": false
                    },
                    "deposed": [],
                    "provider": ""
                },
                "aws_instance.upena_miru_i3": {
                    "type": "aws_instance",
                    "depends_on": [
                        "aws_security_group.upena_miru_sg"
                    ],
                    "primary": {
                        "id": "i-083730203cee20926",
                        "attributes": {
                            "ami": "ami-1e299d7e",
                            "associate_public_ip_address": "false",
                            "availability_zone": "us-west-2c",
                            "disable_api_termination": "false",
                            "ebs_block_device.#": "4",
                            "ebs_block_device.2630216116.delete_on_termination": "false",
                            "ebs_block_device.2630216116.device_name": "/dev/sde",
                            "ebs_block_device.2630216116.encrypted": "true",
                            "ebs_block_device.2630216116.iops": "0",
                            "ebs_block_device.2630216116.snapshot_id": "",
                            "ebs_block_device.2630216116.volume_size": "2000",
                            "ebs_block_device.2630216116.volume_type": "st1",
                            "ebs_block_device.2634515331.delete_on_termination": "false",
                            "ebs_block_device.2634515331.device_name": "/dev/sdd",
                            "ebs_block_device.2634515331.encrypted": "true",
                            "ebs_block_device.2634515331.iops": "0",
                            "ebs_block_device.2634515331.snapshot_id": "",
                            "ebs_block_device.2634515331.volume_size": "500",
                            "ebs_block_device.2634515331.volume_type": "st1",
                            "ebs_block_device.2659407853.delete_on_termination": "false",
                            "ebs_block_device.2659407853.device_name": "/dev/sdf",
                            "ebs_block_device.2659407853.encrypted": "true",
                            "ebs_block_device.2659407853.iops": "0",
                            "ebs_block_device.2659407853.snapshot_id": "",
                            "ebs_block_device.2659407853.volume_size": "2000",
                            "ebs_block_device.2659407853.volume_type": "st1",
                            "ebs_block_device.2671853018.delete_on_termination": "false",
                            "ebs_block_device.2671853018.device_name": "/dev/sdg",
                            "ebs_block_device.2671853018.encrypted": "true",
                            "ebs_block_device.2671853018.iops": "0",
                            "ebs_block_device.2671853018.snapshot_id": "",
                            "ebs_block_device.2671853018.volume_size": "2000",
                            "ebs_block_device.2671853018.volume_type": "st1",
                            "ebs_optimized": "true",
                            "ephemeral_block_device.#": "0",
                            "iam_instance_profile": "upena-profile",
                            "id": "i-083730203cee20926",
                            "instance_state": "running",
                            "instance_type": "r4.xlarge",
                            "key_name": "reco-prod",
                            "monitoring": "false",
                            "network_interface_id": "eni-88f4c3d8",
                            "private_dns": "ip-10-126-104-157.us-west-2.compute.internal",
                            "private_ip": "10.126.104.157",
                            "public_dns": "",
                            "public_ip": "",
                            "root_block_device.#": "1",
                            "root_block_device.0.delete_on_termination": "true",
                            "root_block_device.0.iops": "0",
                            "root_block_device.0.volume_size": "8",
                            "root_block_device.0.volume_type": "standard",
                            "security_groups.#": "0",
                            "source_dest_check": "true",
                            "subnet_id": "subnet-6be90c33",
                            "tags.%": "7",
                            "tags.Account_name": "jive-reco-prod",
                            "tags.Jive_service": "upena",
                            "tags.Name": "prod-upena-miru-i3",
                            "tags.Pipeline_phase": "prod",
                            "tags.Region": "us-west-2",
                            "tags.SLA": "prod",
                            "tags.Service_component": "upena-miru",
                            "tenancy": "default",
                            "user_data": "50f17a6874daa70625669dc3325f5aeeabefe184",
                            "vpc_security_group_ids.#": "2",
                            "vpc_security_group_ids.3830533127": "sg-0a6ebc72",
                            "vpc_security_group_ids.744384824": "sg-77687f10"
                        },
                        "meta": {
                            "schema_version": "1"
                        },
                        "tainted": false
                    },
                    "deposed": [],
                    "provider": ""
                },
                "aws_route53_record.upena_miru_ri1": {
                    "type": "aws_route53_record",
                    "depends_on": [
                        "aws_instance.upena_miru_i1"
                    ],
                    "primary": {
                        "id": "Z3G5VQCYCT435Y_prod-upena-miru-i1_A",
                        "attributes": {
                            "fqdn": "prod-upena-miru-i1.jiveprivate.com",
                            "health_check_id": "",
                            "id": "Z3G5VQCYCT435Y_prod-upena-miru-i1_A",
                            "name": "prod-upena-miru-i1",
                            "records.#": "1",
                            "records.3782212011": "10.126.98.79",
                            "set_identifier": "",
                            "ttl": "60",
                            "type": "A",
                            "zone_id": "Z3G5VQCYCT435Y"
                        },
                        "meta": {
                            "schema_version": "2"
                        },
                        "tainted": false
                    },
                    "deposed": [],
                    "provider": ""
                },
                "aws_route53_record.upena_miru_ri2": {
                    "type": "aws_route53_record",
                    "depends_on": [
                        "aws_instance.upena_miru_i2"
                    ],
                    "primary": {
                        "id": "Z3G5VQCYCT435Y_prod-upena-miru-i2_A",
                        "attributes": {
                            "fqdn": "prod-upena-miru-i2.jiveprivate.com",
                            "health_check_id": "",
                            "id": "Z3G5VQCYCT435Y_prod-upena-miru-i2_A",
                            "name": "prod-upena-miru-i2",
                            "records.#": "1",
                            "records.352330901": "10.126.103.225",
                            "set_identifier": "",
                            "ttl": "60",
                            "type": "A",
                            "zone_id": "Z3G5VQCYCT435Y"
                        },
                        "meta": {
                            "schema_version": "2"
                        },
                        "tainted": false
                    },
                    "deposed": [],
                    "provider": ""
                },
                "aws_route53_record.upena_miru_ri3": {
                    "type": "aws_route53_record",
                    "depends_on": [
                        "aws_instance.upena_miru_i3"
                    ],
                    "primary": {
                        "id": "Z3G5VQCYCT435Y_prod-upena-miru-i3_A",
                        "attributes": {
                            "fqdn": "prod-upena-miru-i3.jiveprivate.com",
                            "health_check_id": "",
                            "id": "Z3G5VQCYCT435Y_prod-upena-miru-i3_A",
                            "name": "prod-upena-miru-i3",
                            "records.#": "1",
                            "records.69841207": "10.126.104.157",
                            "set_identifier": "",
                            "ttl": "60",
                            "type": "A",
                            "zone_id": "Z3G5VQCYCT435Y"
                        },
                        "meta": {
                            "schema_version": "2"
                        },
                        "tainted": false
                    },
                    "deposed": [],
                    "provider": ""
                },
                "aws_security_group.upena_miru_sg": {
                    "type": "aws_security_group",
                    "depends_on": [],
                    "primary": {
                        "id": "sg-0a6ebc72",
                        "attributes": {
                            "description": "Allows necessary communication between upena-miru instances",
                            "egress.#": "0",
                            "id": "sg-0a6ebc72",
                            "ingress.#": "2",
                            "ingress.1251094559.cidr_blocks.#": "1",
                            "ingress.1251094559.cidr_blocks.0": "0.0.0.0/0",
                            "ingress.1251094559.from_port": "1175",
                            "ingress.1251094559.protocol": "tcp",
                            "ingress.1251094559.security_groups.#": "0",
                            "ingress.1251094559.self": "false",
                            "ingress.1251094559.to_port": "1175",
                            "ingress.3258786324.cidr_blocks.#": "1",
                            "ingress.3258786324.cidr_blocks.0": "0.0.0.0/0",
                            "ingress.3258786324.from_port": "10000",
                            "ingress.3258786324.protocol": "tcp",
                            "ingress.3258786324.security_groups.#": "0",
                            "ingress.3258786324.self": "false",
                            "ingress.3258786324.to_port": "11000",
                            "name": "prod-upena-miru",
                            "owner_id": "870846026232",
                            "tags.%": "7",
                            "tags.Account_name": "jive-reco-prod",
                            "tags.Jive_service": "upena",
                            "tags.Name": "prod-upena-miru",
                            "tags.Pipeline_phase": "prod",
                            "tags.Region": "us-west-2",
                            "tags.SLA": "prod",
                            "tags.Service_component": "upena-miru",
                            "vpc_id": "vpc-e7883c83"
                        },
                        "meta": {},
                        "tainted": false
                    },
                    "deposed": [],
                    "provider": ""
                },
                "aws_volume_attachment.upena_miru_i1_av0": {
                    "type": "aws_volume_attachment",
                    "depends_on": [
                        "aws_ebs_volume.upena_miru_i1_v0",
                        "aws_instance.upena_miru_i1"
                    ],
                    "primary": {
                        "id": "vai-3319049610",
                        "attributes": {
                            "device_name": "/dev/sdd",
                            "force_detach": "true",
                            "id": "vai-3319049610",
                            "instance_id": "i-0769a830d028a5447",
                            "volume_id": "vol-0e851212ab90aa0b7"
                        },
                        "meta": {},
                        "tainted": false
                    },
                    "deposed": [],
                    "provider": ""
                },
                "aws_volume_attachment.upena_miru_i1_av1": {
                    "type": "aws_volume_attachment",
                    "depends_on": [
                        "aws_ebs_volume.upena_miru_i1_v1",
                        "aws_instance.upena_miru_i1"
                    ],
                    "primary": {
                        "id": "vai-2219738018",
                        "attributes": {
                            "device_name": "/dev/sde",
                            "force_detach": "true",
                            "id": "vai-2219738018",
                            "instance_id": "i-0769a830d028a5447",
                            "volume_id": "vol-05a4ede7374286bd6"
                        },
                        "meta": {},
                        "tainted": false
                    },
                    "deposed": [],
                    "provider": ""
                },
                "aws_volume_attachment.upena_miru_i1_av2": {
                    "type": "aws_volume_attachment",
                    "depends_on": [
                        "aws_ebs_volume.upena_miru_i1_v2",
                        "aws_instance.upena_miru_i1"
                    ],
                    "primary": {
                        "id": "vai-2498090814",
                        "attributes": {
                            "device_name": "/dev/sdf",
                            "force_detach": "true",
                            "id": "vai-2498090814",
                            "instance_id": "i-0769a830d028a5447",
                            "volume_id": "vol-0fe52dafb8d0bd021"
                        },
                        "meta": {},
                        "tainted": false
                    },
                    "deposed": [],
                    "provider": ""
                },
                "aws_volume_attachment.upena_miru_i1_av3": {
                    "type": "aws_volume_attachment",
                    "depends_on": [
                        "aws_ebs_volume.upena_miru_i1_v3",
                        "aws_instance.upena_miru_i1"
                    ],
                    "primary": {
                        "id": "vai-3257461030",
                        "attributes": {
                            "device_name": "/dev/sdg",
                            "force_detach": "true",
                            "id": "vai-3257461030",
                            "instance_id": "i-0769a830d028a5447",
                            "volume_id": "vol-0d2c4ef2a1275a17e"
                        },
                        "meta": {},
                        "tainted": false
                    },
                    "deposed": [],
                    "provider": ""
                },
                "aws_volume_attachment.upena_miru_i2_av0": {
                    "type": "aws_volume_attachment",
                    "depends_on": [
                        "aws_ebs_volume.upena_miru_i2_v0",
                        "aws_instance.upena_miru_i2"
                    ],
                    "primary": {
                        "id": "vai-2932381619",
                        "attributes": {
                            "device_name": "/dev/sdd",
                            "force_detach": "true",
                            "id": "vai-2932381619",
                            "instance_id": "i-0d75c9cba3d737175",
                            "volume_id": "vol-05ec171fe91a3f69c"
                        },
                        "meta": {},
                        "tainted": false
                    },
                    "deposed": [],
                    "provider": ""
                },
                "aws_volume_attachment.upena_miru_i2_av1": {
                    "type": "aws_volume_attachment",
                    "depends_on": [
                        "aws_ebs_volume.upena_miru_i2_v1",
                        "aws_instance.upena_miru_i2"
                    ],
                    "primary": {
                        "id": "vai-1837109838",
                        "attributes": {
                            "device_name": "/dev/sde",
                            "force_detach": "true",
                            "id": "vai-1837109838",
                            "instance_id": "i-0d75c9cba3d737175",
                            "volume_id": "vol-024e216d1fdf7d247"
                        },
                        "meta": {},
                        "tainted": false
                    },
                    "deposed": [],
                    "provider": ""
                },
                "aws_volume_attachment.upena_miru_i2_av2": {
                    "type": "aws_volume_attachment",
                    "depends_on": [
                        "aws_ebs_volume.upena_miru_i2_v2",
                        "aws_instance.upena_miru_i2"
                    ],
                    "primary": {
                        "id": "vai-3283278233",
                        "attributes": {
                            "device_name": "/dev/sdf",
                            "force_detach": "true",
                            "id": "vai-3283278233",
                            "instance_id": "i-0d75c9cba3d737175",
                            "volume_id": "vol-01c555050dcd6073f"
                        },
                        "meta": {},
                        "tainted": false
                    },
                    "deposed": [],
                    "provider": ""
                },
                "aws_volume_attachment.upena_miru_i2_av3": {
                    "type": "aws_volume_attachment",
                    "depends_on": [
                        "aws_ebs_volume.upena_miru_i2_v3",
                        "aws_instance.upena_miru_i2"
                    ],
                    "primary": {
                        "id": "vai-4253303610",
                        "attributes": {
                            "device_name": "/dev/sdg",
                            "force_detach": "true",
                            "id": "vai-4253303610",
                            "instance_id": "i-0d75c9cba3d737175",
                            "volume_id": "vol-0c9da565f33911f86"
                        },
                        "meta": {},
                        "tainted": false
                    },
                    "deposed": [],
                    "provider": ""
                },
                "aws_volume_attachment.upena_miru_i3_av0": {
                    "type": "aws_volume_attachment",
                    "depends_on": [
                        "aws_ebs_volume.upena_miru_i3_v0",
                        "aws_instance.upena_miru_i3"
                    ],
                    "primary": {
                        "id": "vai-4136174281",
                        "attributes": {
                            "device_name": "/dev/sdd",
                            "force_detach": "true",
                            "id": "vai-4136174281",
                            "instance_id": "i-083730203cee20926",
                            "volume_id": "vol-0955ddcd8a2b1d11a"
                        },
                        "meta": {},
                        "tainted": false
                    },
                    "deposed": [],
                    "provider": ""
                },
                "aws_volume_attachment.upena_miru_i3_av1": {
                    "type": "aws_volume_attachment",
                    "depends_on": [
                        "aws_ebs_volume.upena_miru_i3_v1",
                        "aws_instance.upena_miru_i3"
                    ],
                    "primary": {
                        "id": "vai-3533595814",
                        "attributes": {
                            "device_name": "/dev/sde",
                            "force_detach": "true",
                            "id": "vai-3533595814",
                            "instance_id": "i-083730203cee20926",
                            "volume_id": "vol-0a2e22d2e57c6f773"
                        },
                        "meta": {},
                        "tainted": false
                    },
                    "deposed": [],
                    "provider": ""
                },
                "aws_volume_attachment.upena_miru_i3_av2": {
                    "type": "aws_volume_attachment",
                    "depends_on": [
                        "aws_ebs_volume.upena_miru_i3_v2",
                        "aws_instance.upena_miru_i3"
                    ],
                    "primary": {
                        "id": "vai-2303170341",
                        "attributes": {
                            "device_name": "/dev/sdf",
                            "force_detach": "true",
                            "id": "vai-2303170341",
                            "instance_id": "i-083730203cee20926",
                            "volume_id": "vol-01f7b30a2da8523e5"
                        },
                        "meta": {},
                        "tainted": false
                    },
                    "deposed": [],
                    "provider": ""
                },
                "aws_volume_attachment.upena_miru_i3_av3": {
                    "type": "aws_volume_attachment",
                    "depends_on": [
                        "aws_ebs_volume.upena_miru_i3_v3",
                        "aws_instance.upena_miru_i3"
                    ],
                    "primary": {
                        "id": "vai-3860912035",
                        "attributes": {
                            "device_name": "/dev/sdg",
                            "force_detach": "true",
                            "id": "vai-3860912035",
                            "instance_id": "i-083730203cee20926",
                            "volume_id": "vol-0b6503500d4797162"
                        },
                        "meta": {},
                        "tainted": false
                    },
                    "deposed": [],
                    "provider": ""
                }
            },
            "depends_on": []
        }
    ]
}
