{
    "version": 3,
    "terraform_version": "0.9.4",
    "serial": 24,
    "lineage": "ff2046cb-14dd-4f55-9913-40c565968ae6",
    "modules": [
        {
            "path": [
                "root"
            ],
            "outputs": {},
            "resources": {
                "aws_db_instance.conversation_postgres": {
                    "type": "aws_db_instance",
                    "depends_on": [
                        "aws_db_parameter_group.conversation_postgres",
                        "aws_security_group.conversation_postgres"
                    ],
                    "primary": {
                        "id": "gc-conversation-ms-integ-db-1",
                        "attributes": {
                            "address": "gc-conversation-ms-integ-db-1.cs72qzjuqtnb.us-east-1.rds.amazonaws.com",
                            "allocated_storage": "50",
                            "arn": "arn:aws:rds:us-east-1:811034720611:db:gc-conversation-ms-integ-db-1",
                            "auto_minor_version_upgrade": "true",
                            "availability_zone": "us-east-1c",
                            "backup_retention_period": "0",
                            "backup_window": "08:35-09:05",
                            "copy_tags_to_snapshot": "false",
                            "db_subnet_group_name": "default-mako-ms-pipeline-subnet-group",
                            "endpoint": "gc-conversation-ms-integ-db-1.cs72qzjuqtnb.us-east-1.rds.amazonaws.com:5432",
                            "engine": "postgres",
                            "engine_version": "9.6.2",
                            "hosted_zone_id": "Z2R2ITUGPM61AM",
                            "id": "gc-conversation-ms-integ-db-1",
                            "identifier": "gc-conversation-ms-integ-db-1",
                            "instance_class": "db.t2.small",
                            "iops": "0",
                            "kms_key_id": "arn:aws:kms:us-east-1:811034720611:key/84f6966d-1b43-456a-b0da-ee48cf2d9aef",
                            "license_model": "postgresql-license",
                            "maintenance_window": "wed:07:28-wed:07:58",
                            "monitoring_interval": "0",
                            "multi_az": "true",
                            "name": "conversation",
                            "option_group_name": "default:postgres-9-6",
                            "parameter_group_name": "gc-conversation-postgres-ms-integ-param",
                            "password": "conversation",
                            "port": "5432",
                            "publicly_accessible": "false",
                            "replicas.#": "0",
                            "replicate_source_db": "",
                            "security_group_names.#": "0",
                            "skip_final_snapshot": "false",
                            "status": "available",
                            "storage_encrypted": "true",
                            "storage_type": "gp2",
                            "tags.%": "0",
                            "timezone": "",
                            "username": "conversation",
                            "vpc_security_group_ids.#": "1",
                            "vpc_security_group_ids.1752458417": "sg-92193ae1"
                        },
                        "meta": {
                            "e2bfb730-ecaa-11e6-8f88-34363bc7c4c0": {
                                "create": 2400000000000,
                                "delete": 2400000000000,
                                "update": 4800000000000
                            }
                        },
                        "tainted": false
                    },
                    "deposed": [],
                    "provider": ""
                },
                "aws_db_parameter_group.conversation_postgres": {
                    "type": "aws_db_parameter_group",
                    "depends_on": [],
                    "primary": {
                        "id": "gc-conversation-postgres-ms-integ-param",
                        "attributes": {
                            "arn": "arn:aws:rds:us-east-1:811034720611:pg:gc-conversation-postgres-ms-integ-param",
                            "description": "Managed by Horizon",
                            "family": "postgres9.6",
                            "id": "gc-conversation-postgres-ms-integ-param",
                            "name": "gc-conversation-postgres-ms-integ-param",
                            "parameter.#": "0",
                            "tags.%": "0"
                        },
                        "meta": {},
                        "tainted": false
                    },
                    "deposed": [],
                    "provider": ""
                },
                "aws_elasticache_cluster.conversation_redis": {
                    "type": "aws_elasticache_cluster",
                    "depends_on": [
                        "aws_elasticache_parameter_group.conversation_redis",
                        "aws_security_group.conversation_redis"
                    ],
                    "primary": {
                        "id": "conversation-integ",
                        "attributes": {
                            "availability_zone": "us-east-1c",
                            "cache_nodes.#": "1",
                            "cache_nodes.0.address": "conversation-integ.rwqrpz.0001.use1.cache.amazonaws.com",
                            "cache_nodes.0.availability_zone": "us-east-1c",
                            "cache_nodes.0.id": "0001",
                            "cache_nodes.0.port": "6379",
                            "cluster_id": "conversation-integ",
                            "engine": "redis",
                            "engine_version": "2.8.24",
                            "id": "conversation-integ",
                            "maintenance_window": "sun:03:00-sun:04:00",
                            "node_type": "cache.t2.small",
                            "num_cache_nodes": "1",
                            "parameter_group_name": "gc-conversation-redis-ms-integ-param",
                            "port": "6379",
                            "security_group_ids.#": "1",
                            "security_group_ids.1465536667": "sg-c4e0c3b7",
                            "security_group_names.#": "0",
                            "snapshot_retention_limit": "0",
                            "snapshot_window": "",
                            "subnet_group_name": "default-mako-ms-pipeline-subnet-group",
                            "tags.%": "3",
                            "tags.Name": "conversation-integ",
                            "tags.jive_service": "conversation",
                            "tags.pipeline_phase": "ms-integ"
                        },
                        "meta": {},
                        "tainted": false
                    },
                    "deposed": [],
                    "provider": ""
                },
                "aws_elasticache_cluster.presence_redis": {
                    "type": "aws_elasticache_cluster",
                    "depends_on": [
                        "aws_elasticache_parameter_group.presence_redis",
                        "aws_security_group.conversation_redis"
                    ],
                    "primary": {
                        "id": "presence-integ",
                        "attributes": {
                            "availability_zone": "us-east-1d",
                            "cache_nodes.#": "1",
                            "cache_nodes.0.address": "presence-integ.rwqrpz.0001.use1.cache.amazonaws.com",
                            "cache_nodes.0.availability_zone": "us-east-1d",
                            "cache_nodes.0.id": "0001",
                            "cache_nodes.0.port": "6379",
                            "cluster_id": "presence-integ",
                            "engine": "redis",
                            "engine_version": "2.8.24",
                            "id": "presence-integ",
                            "maintenance_window": "thu:07:30-thu:08:30",
                            "node_type": "cache.t2.small",
                            "num_cache_nodes": "1",
                            "parameter_group_name": "gc-presence-redis-ms-integ-param",
                            "port": "6379",
                            "security_group_ids.#": "1",
                            "security_group_ids.1465536667": "sg-c4e0c3b7",
                            "security_group_names.#": "0",
                            "snapshot_retention_limit": "0",
                            "snapshot_window": "",
                            "subnet_group_name": "default-mako-ms-pipeline-subnet-group",
                            "tags.%": "3",
                            "tags.Name": "presence-integ",
                            "tags.jive_service": "conversation",
                            "tags.pipeline_phase": "ms-integ"
                        },
                        "meta": {},
                        "tainted": false
                    },
                    "deposed": [],
                    "provider": ""
                },
                "aws_elasticache_parameter_group.conversation_redis": {
                    "type": "aws_elasticache_parameter_group",
                    "depends_on": [],
                    "primary": {
                        "id": "gc-conversation-redis-ms-integ-param",
                        "attributes": {
                            "description": "Managed by Horizon",
                            "family": "redis2.8",
                            "id": "gc-conversation-redis-ms-integ-param",
                            "name": "gc-conversation-redis-ms-integ-param",
                            "parameter.#": "0"
                        },
                        "meta": {},
                        "tainted": false
                    },
                    "deposed": [],
                    "provider": ""
                },
                "aws_elasticache_parameter_group.presence_redis": {
                    "type": "aws_elasticache_parameter_group",
                    "depends_on": [],
                    "primary": {
                        "id": "gc-presence-redis-ms-integ-param",
                        "attributes": {
                            "description": "Managed by Horizon",
                            "family": "redis2.8",
                            "id": "gc-presence-redis-ms-integ-param",
                            "name": "gc-presence-redis-ms-integ-param",
                            "parameter.#": "0"
                        },
                        "meta": {},
                        "tainted": false
                    },
                    "deposed": [],
                    "provider": ""
                },
                "aws_elb.conversation_connectors_elb": {
                    "type": "aws_elb",
                    "depends_on": [
                        "aws_instance.conversation_connector.*",
                        "aws_security_group.conversation_connectors_elb"
                    ],
                    "primary": {
                        "id": "ms-integ-gcb-connectors-elb",
                        "attributes": {
                            "access_logs.#": "0",
                            "availability_zones.#": "1",
                            "availability_zones.3569565595": "us-east-1a",
                            "connection_draining": "false",
                            "connection_draining_timeout": "300",
                            "cross_zone_load_balancing": "true",
                            "dns_name": "ms-integ-gcb-connectors-elb-1995066013.us-east-1.elb.amazonaws.com",
                            "health_check.#": "1",
                            "health_check.0.healthy_threshold": "2",
                            "health_check.0.interval": "30",
                            "health_check.0.target": "TCP:55001",
                            "health_check.0.timeout": "5",
                            "health_check.0.unhealthy_threshold": "2",
                            "id": "ms-integ-gcb-connectors-elb",
                            "idle_timeout": "1800",
                            "instances.#": "1",
                            "instances.2700073008": "i-03949c4e1800e78a1",
                            "internal": "false",
                            "listener.#": "1",
                            "listener.726219327.instance_port": "8080",
                            "listener.726219327.instance_protocol": "tcp",
                            "listener.726219327.lb_port": "443",
                            "listener.726219327.lb_protocol": "tcp",
                            "listener.726219327.ssl_certificate_id": "",
                            "name": "ms-integ-gcb-connectors-elb",
                            "security_groups.#": "1",
                            "security_groups.57085939": "sg-118dae62",
                            "source_security_group": "811034720611/ms-integ-conversation_connectors-elb",
                            "source_security_group_id": "sg-118dae62",
                            "subnets.#": "1",
                            "subnets.2131822842": "subnet-6d26c709",
                            "tags.%": "5",
                            "tags.Hostname": "ms-integ-conversation-connectors.jiveprivate.com",
                            "tags.Jive_service": "conversation",
                            "tags.Name": "ms-integ-conversation-connectors-elb",
                            "tags.Pipeline_phase": "ms-integ",
                            "tags.Service_component": "connector",
                            "zone_id": "Z35SXDOTRQ7X7K"
                        },
                        "meta": {},
                        "tainted": false
                    },
                    "deposed": [],
                    "provider": ""
                },
                "aws_instance.conversation_connector": {
                    "type": "aws_instance",
                    "depends_on": [
                        "aws_security_group.conversation_connector"
                    ],
                    "primary": {
                        "id": "i-03949c4e1800e78a1",
                        "attributes": {
                            "ami": "ami-6d1c2007",
                            "associate_public_ip_address": "false",
                            "availability_zone": "us-east-1a",
                            "disable_api_termination": "false",
                            "ebs_block_device.#": "0",
                            "ebs_optimized": "false",
                            "ephemeral_block_device.#": "0",
                            "iam_instance_profile": "",
                            "id": "i-03949c4e1800e78a1",
                            "instance_state": "running",
                            "instance_type": "t2.small",
                            "ipv6_address_count": "0",
                            "ipv6_addresses.#": "0",
                            "key_name": "ms-pipeline-conversation",
                            "monitoring": "false",
                            "network_interface.#": "0",
                            "network_interface_id": "eni-47deca50",
                            "primary_network_interface_id": "eni-47deca50",
                            "private_dns": "ip-10-125-0-200.ec2.internal",
                            "private_ip": "10.125.0.200",
                            "public_dns": "",
                            "public_ip": "",
                            "root_block_device.#": "1",
                            "root_block_device.0.delete_on_termination": "true",
                            "root_block_device.0.iops": "100",
                            "root_block_device.0.volume_size": "30",
                            "root_block_device.0.volume_type": "gp2",
                            "security_groups.#": "0",
                            "source_dest_check": "true",
                            "subnet_id": "subnet-6d26c709",
                            "tags.%": "7",
                            "tags.Jive_service": "conversation",
                            "tags.Name": "ms-integ-conversation-connector1.jiveprivate.com",
                            "tags.Node_index": "1",
                            "tags.Pipeline_phase": "ms-integ",
                            "tags.Service_component": "connector",
                            "tags.Terraform_file": "microservices/conversation/connector.tf",
                            "tags.Terraform_resource": "aws_instance.conversation_connector",
                            "tenancy": "default",
                            "volume_tags.%": "0",
                            "vpc_security_group_ids.#": "2",
                            "vpc_security_group_ids.2053041046": "sg-3c6c264d",
                            "vpc_security_group_ids.3310784380": "sg-8297b4f1"
                        },
                        "meta": {
                            "schema_version": "1"
                        },
                        "tainted": false
                    },
                    "deposed": [],
                    "provider": ""
                },
                "aws_route53_record.conversation_connector": {
                    "type": "aws_route53_record",
                    "depends_on": [
                        "aws_instance.conversation_connector.*"
                    ],
                    "primary": {
                        "id": "Z31KC7C52TU6MQ_ms-integ-conversation-connector1.jiveprivate.com_A",
                        "attributes": {
                            "fqdn": "ms-integ-conversation-connector1.jiveprivate.com",
                            "health_check_id": "",
                            "id": "Z31KC7C52TU6MQ_ms-integ-conversation-connector1.jiveprivate.com_A",
                            "name": "ms-integ-conversation-connector1.jiveprivate.com",
                            "records.#": "1",
                            "records.2336554355": "10.125.0.200",
                            "set_identifier": "",
                            "ttl": "300",
                            "type": "A",
                            "zone_id": "Z31KC7C52TU6MQ"
                        },
                        "meta": {
                            "schema_version": "2"
                        },
                        "tainted": false
                    },
                    "deposed": [],
                    "provider": ""
                },
                "aws_route53_record.conversation_connectors_elb": {
                    "type": "aws_route53_record",
                    "depends_on": [
                        "aws_elb.conversation_connectors_elb"
                    ],
                    "primary": {
                        "id": "Z31KC7C52TU6MQ_ms-integ-conversation-connectors.jiveprivate.com_CNAME",
                        "attributes": {
                            "fqdn": "ms-integ-conversation-connectors.jiveprivate.com",
                            "health_check_id": "",
                            "id": "Z31KC7C52TU6MQ_ms-integ-conversation-connectors.jiveprivate.com_CNAME",
                            "name": "ms-integ-conversation-connectors.jiveprivate.com",
                            "records.#": "1",
                            "records.1646701005": "ms-integ-gcb-connectors-elb-1995066013.us-east-1.elb.amazonaws.com",
                            "set_identifier": "",
                            "ttl": "300",
                            "type": "CNAME",
                            "zone_id": "Z31KC7C52TU6MQ"
                        },
                        "meta": {
                            "schema_version": "2"
                        },
                        "tainted": false
                    },
                    "deposed": [],
                    "provider": ""
                },
                "aws_security_group.conversation_connector": {
                    "type": "aws_security_group",
                    "depends_on": [],
                    "primary": {
                        "id": "sg-8297b4f1",
                        "attributes": {
                            "description": "Access to conversation connectors (ms-integ)",
                            "egress.#": "0",
                            "id": "sg-8297b4f1",
                            "ingress.#": "1",
                            "ingress.2090040322.cidr_blocks.#": "1",
                            "ingress.2090040322.cidr_blocks.0": "10.125.0.0/16",
                            "ingress.2090040322.from_port": "55001",
                            "ingress.2090040322.ipv6_cidr_blocks.#": "0",
                            "ingress.2090040322.protocol": "tcp",
                            "ingress.2090040322.security_groups.#": "0",
                            "ingress.2090040322.self": "false",
                            "ingress.2090040322.to_port": "55001",
                            "name": "ms-integ-conversation_connector",
                            "owner_id": "811034720611",
                            "tags.%": "4",
                            "tags.Jive_Service": "conversation",
                            "tags.Name": "ms-integ-conversation_connector",
                            "tags.Pipeline_Phase": "ms-integ",
                            "tags.Service_Component": "connector",
                            "vpc_id": "vpc-e942d990"
                        },
                        "meta": {},
                        "tainted": false
                    },
                    "deposed": [],
                    "provider": ""
                },
                "aws_security_group.conversation_connectors_elb": {
                    "type": "aws_security_group",
                    "depends_on": [],
                    "primary": {
                        "id": "sg-118dae62",
                        "attributes": {
                            "description": "Access to conversation connectors elb (ms-integ)",
                            "egress.#": "0",
                            "id": "sg-118dae62",
                            "ingress.#": "1",
                            "ingress.2617001939.cidr_blocks.#": "1",
                            "ingress.2617001939.cidr_blocks.0": "0.0.0.0/0",
                            "ingress.2617001939.from_port": "443",
                            "ingress.2617001939.ipv6_cidr_blocks.#": "0",
                            "ingress.2617001939.protocol": "tcp",
                            "ingress.2617001939.security_groups.#": "0",
                            "ingress.2617001939.self": "false",
                            "ingress.2617001939.to_port": "443",
                            "name": "ms-integ-conversation_connectors-elb",
                            "owner_id": "811034720611",
                            "tags.%": "4",
                            "tags.Jive_Service": "conversation",
                            "tags.Name": "ms-integ-conversation_connectors_elb",
                            "tags.Pipeline_Phase": "ms-integ",
                            "tags.Service_Component": "connectors",
                            "vpc_id": "vpc-e942d990"
                        },
                        "meta": {},
                        "tainted": false
                    },
                    "deposed": [],
                    "provider": ""
                },
                "aws_security_group.conversation_postgres": {
                    "type": "aws_security_group",
                    "depends_on": [],
                    "primary": {
                        "id": "sg-92193ae1",
                        "attributes": {
                            "description": "Access to conversation postgres (ms-integ)",
                            "egress.#": "0",
                            "id": "sg-92193ae1",
                            "ingress.#": "2",
                            "ingress.1544256338.cidr_blocks.#": "1",
                            "ingress.1544256338.cidr_blocks.0": "10.127.43.7/32",
                            "ingress.1544256338.from_port": "5432",
                            "ingress.1544256338.ipv6_cidr_blocks.#": "0",
                            "ingress.1544256338.protocol": "tcp",
                            "ingress.1544256338.security_groups.#": "0",
                            "ingress.1544256338.self": "false",
                            "ingress.1544256338.to_port": "5432",
                            "ingress.2117081657.cidr_blocks.#": "1",
                            "ingress.2117081657.cidr_blocks.0": "10.125.0.0/16",
                            "ingress.2117081657.from_port": "5432",
                            "ingress.2117081657.ipv6_cidr_blocks.#": "0",
                            "ingress.2117081657.protocol": "tcp",
                            "ingress.2117081657.security_groups.#": "0",
                            "ingress.2117081657.self": "false",
                            "ingress.2117081657.to_port": "5432",
                            "name": "ms-integ-conversation_postgres",
                            "owner_id": "811034720611",
                            "tags.%": "3",
                            "tags.Jive_Service": "conversation",
                            "tags.Name": "ms-integ-conversation_postgres",
                            "tags.Pipeline_Phase": "ms-integ",
                            "vpc_id": "vpc-e942d990"
                        },
                        "meta": {},
                        "tainted": false
                    },
                    "deposed": [],
                    "provider": ""
                },
                "aws_security_group.conversation_redis": {
                    "type": "aws_security_group",
                    "depends_on": [],
                    "primary": {
                        "id": "sg-c4e0c3b7",
                        "attributes": {
                            "description": "Access to conversation redis (ms-integ)",
                            "egress.#": "0",
                            "id": "sg-c4e0c3b7",
                            "ingress.#": "1",
                            "ingress.3788000597.cidr_blocks.#": "1",
                            "ingress.3788000597.cidr_blocks.0": "10.125.0.0/16",
                            "ingress.3788000597.from_port": "6379",
                            "ingress.3788000597.ipv6_cidr_blocks.#": "0",
                            "ingress.3788000597.protocol": "tcp",
                            "ingress.3788000597.security_groups.#": "0",
                            "ingress.3788000597.self": "false",
                            "ingress.3788000597.to_port": "6379",
                            "name": "ms-integ-conversation_redis",
                            "owner_id": "811034720611",
                            "tags.%": "3",
                            "tags.Jive_Service": "conversation",
                            "tags.Name": "ms-integ-conversation_redis",
                            "tags.Pipeline_Phase": "ms-integ",
                            "vpc_id": "vpc-e942d990"
                        },
                        "meta": {},
                        "tainted": false
                    },
                    "deposed": [],
                    "provider": ""
                }
            },
            "depends_on": []
        }
    ]
}
