{
    "version": 3,
    "terraform_version": "0.7.13",
    "serial": 2,
    "lineage": "d994fcfa-e139-404f-92d6-381fea73da7c",
    "modules": [
        {
            "path": [
                "root"
            ],
            "outputs": {},
            "resources": {
                "aws_db_instance.default": {
                    "type": "aws_db_instance",
                    "depends_on": [
                        "aws_db_subnet_group.postgres",
                        "aws_security_group.postgres"
                    ],
                    "primary": {
                        "id": "soa-pg-identity-ms-prod-db1",
                        "attributes": {
                            "address": "soa-pg-identity-ms-prod-db1.cmci1kjeunxx.us-west-2.rds.amazonaws.com",
                            "allocated_storage": "50",
                            "arn": "arn:aws:rds:us-west-2:663559125979:db:soa-pg-identity-ms-prod-db1",
                            "auto_minor_version_upgrade": "true",
                            "availability_zone": "us-west-2a",
                            "backup_retention_period": "0",
                            "backup_window": "11:14-11:44",
                            "copy_tags_to_snapshot": "false",
                            "db_subnet_group_name": "soa-pg-identity-ms-prod-group",
                            "endpoint": "soa-pg-identity-ms-prod-db1.cmci1kjeunxx.us-west-2.rds.amazonaws.com:5432",
                            "engine": "postgres",
                            "engine_version": "9.5.2",
                            "hosted_zone_id": "Z1PVIF0B656C1W",
                            "id": "soa-pg-identity-ms-prod-db1",
                            "identifier": "soa-pg-identity-ms-prod-db1",
                            "instance_class": "db.r3.large",
                            "iops": "0",
                            "kms_key_id": "",
                            "license_model": "postgresql-license",
                            "maintenance_window": "sun:13:02-sun:13:32",
                            "monitoring_interval": "0",
                            "multi_az": "false",
                            "name": "identity_db",
                            "option_group_name": "default:postgres-9-5",
                            "parameter_group_name": "rds-postgres-id-prod-param",
                            "password": "4\u00260L7$M1mO2l",
                            "port": "5432",
                            "publicly_accessible": "false",
                            "replicas.#": "0",
                            "replicate_source_db": "",
                            "security_group_names.#": "0",
                            "skip_final_snapshot": "true",
                            "status": "available",
                            "storage_encrypted": "false",
                            "storage_type": "standard",
                            "tags.%": "0",
                            "username": "identity_user",
                            "vpc_security_group_ids.#": "1",
                            "vpc_security_group_ids.2670836766": "sg-6339ee1b"
                        },
                        "meta": {},
                        "tainted": false
                    },
                    "deposed": [],
                    "provider": ""
                },
                "aws_db_parameter_group.default": {
                    "type": "aws_db_parameter_group",
                    "depends_on": [],
                    "primary": {
                        "id": "rds-postgres-id-prod-param",
                        "attributes": {
                            "arn": "arn:aws:rds:us-west-2:663559125979:pg:rds-postgres-id-prod-param",
                            "description": "Managed by Terraform",
                            "family": "postgres9.5",
                            "id": "rds-postgres-id-prod-param",
                            "name": "rds-postgres-id-prod-param",
                            "parameter.#": "0",
                            "tags.%": "0"
                        },
                        "meta": {},
                        "tainted": false
                    },
                    "deposed": [],
                    "provider": ""
                },
                "aws_db_subnet_group.aurora": {
                    "type": "aws_db_subnet_group",
                    "depends_on": [],
                    "primary": {
                        "id": "soa-identity-ms-prod-group",
                        "attributes": {
                            "arn": "arn:aws:rds:us-west-2:663559125979:subgrp:soa-identity-ms-prod-group",
                            "description": "Managed by Horizon",
                            "id": "soa-identity-ms-prod-group",
                            "name": "soa-identity-ms-prod-group",
                            "subnet_ids.#": "3",
                            "subnet_ids.2744802398": "subnet-0596a361",
                            "subnet_ids.2963790960": "subnet-6a75f632",
                            "subnet_ids.3673496457": "subnet-4e6c2038",
                            "tags.%": "7",
                            "tags.Name": "prod-identity",
                            "tags.account_name": "jive-microservices-prod",
                            "tags.jive_service": "identity",
                            "tags.pipeline_phase": "prod",
                            "tags.region": "us-west-2",
                            "tags.service_component": "identity-aurora",
                            "tags.sla": "prod"
                        },
                        "meta": {},
                        "tainted": false
                    },
                    "deposed": [],
                    "provider": ""
                },
                "aws_db_subnet_group.postgres": {
                    "type": "aws_db_subnet_group",
                    "depends_on": [],
                    "primary": {
                        "id": "soa-pg-identity-ms-prod-group",
                        "attributes": {
                            "arn": "arn:aws:rds:us-west-2:663559125979:subgrp:soa-pg-identity-ms-prod-group",
                            "description": "Managed by Horizon",
                            "id": "soa-pg-identity-ms-prod-group",
                            "name": "soa-pg-identity-ms-prod-group",
                            "subnet_ids.#": "3",
                            "subnet_ids.2744802398": "subnet-0596a361",
                            "subnet_ids.2963790960": "subnet-6a75f632",
                            "subnet_ids.3673496457": "subnet-4e6c2038",
                            "tags.%": "7",
                            "tags.Name": "prod-identity",
                            "tags.account_name": "jive-microservices-prod",
                            "tags.jive_service": "identity",
                            "tags.pipeline_phase": "prod",
                            "tags.region": "us-west-2",
                            "tags.service_component": "identity-postgres",
                            "tags.sla": "prod"
                        },
                        "meta": {},
                        "tainted": false
                    },
                    "deposed": [],
                    "provider": ""
                },
                "aws_elasticache_cluster.identity_redis": {
                    "type": "aws_elasticache_cluster",
                    "depends_on": [
                        "aws_elasticache_parameter_group.identity_redis",
                        "aws_elasticache_subnet_group.identity_redis",
                        "aws_security_group.identity_redis"
                    ],
                    "primary": {
                        "id": "soa-id-ms-prod",
                        "attributes": {
                            "availability_zone": "us-west-2b",
                            "cache_nodes.#": "1",
                            "cache_nodes.0.address": "soa-id-ms-prod.lxdyy6.0001.usw2.cache.amazonaws.com",
                            "cache_nodes.0.availability_zone": "us-west-2b",
                            "cache_nodes.0.id": "0001",
                            "cache_nodes.0.port": "6379",
                            "cluster_id": "soa-id-ms-prod",
                            "engine": "redis",
                            "engine_version": "3.2.4",
                            "id": "soa-id-ms-prod",
                            "maintenance_window": "fri:10:30-fri:11:30",
                            "node_type": "cache.r3.large",
                            "num_cache_nodes": "1",
                            "parameter_group_name": "soa-id-ms-prod",
                            "port": "6379",
                            "security_group_ids.#": "1",
                            "security_group_ids.2689590800": "sg-6239ee1a",
                            "security_group_names.#": "0",
                            "snapshot_retention_limit": "0",
                            "snapshot_window": "07:00-08:00",
                            "subnet_group_name": "soa-id-ms-prod",
                            "tags.%": "7",
                            "tags.Name": "soa-id-ms-prod",
                            "tags.account_name": "jive-microservices-prod",
                            "tags.jive_service": "identity",
                            "tags.pipeline_phase": "prod",
                            "tags.region": "us-west-2",
                            "tags.service_component": "identity-redis",
                            "tags.sla": "prod"
                        },
                        "meta": {},
                        "tainted": false
                    },
                    "deposed": [],
                    "provider": ""
                },
                "aws_elasticache_parameter_group.identity_redis": {
                    "type": "aws_elasticache_parameter_group",
                    "depends_on": [],
                    "primary": {
                        "id": "soa-id-ms-prod",
                        "attributes": {
                            "description": "Parameter group for Identity cache instances",
                            "family": "redis3.2",
                            "id": "soa-id-ms-prod",
                            "name": "soa-id-ms-prod",
                            "parameter.#": "0"
                        },
                        "meta": {},
                        "tainted": false
                    },
                    "deposed": [],
                    "provider": ""
                },
                "aws_elasticache_subnet_group.identity_redis": {
                    "type": "aws_elasticache_subnet_group",
                    "depends_on": [],
                    "primary": {
                        "id": "soa-id-ms-prod",
                        "attributes": {
                            "description": "Subnet group for Identity Redis instances",
                            "id": "soa-id-ms-prod",
                            "name": "soa-id-ms-prod",
                            "subnet_ids.#": "3",
                            "subnet_ids.1927964540": "subnet-0496a360",
                            "subnet_ids.2647706556": "subnet-416c2037",
                            "subnet_ids.3907260728": "subnet-6875f630"
                        },
                        "meta": {},
                        "tainted": false
                    },
                    "deposed": [],
                    "provider": ""
                },
                "aws_rds_cluster.aurora_cluster": {
                    "type": "aws_rds_cluster",
                    "depends_on": [
                        "aws_db_subnet_group.aurora",
                        "aws_security_group.aurora"
                    ],
                    "primary": {
                        "id": "soa-identity-ms-prod-db-cluster",
                        "attributes": {
                            "availability_zones.#": "3",
                            "availability_zones.2050015877": "us-west-2c",
                            "availability_zones.221770259": "us-west-2b",
                            "availability_zones.2487133097": "us-west-2a",
                            "backup_retention_period": "1",
                            "cluster_identifier": "soa-identity-ms-prod-db-cluster",
                            "cluster_members.#": "3",
                            "cluster_members.1633151425": "soa-identity-ms-prod-db2",
                            "cluster_members.2405009645": "soa-identity-ms-prod-db0",
                            "cluster_members.4166957179": "soa-identity-ms-prod-db1",
                            "database_name": "prodidentity",
                            "db_cluster_parameter_group_name": "default.aurora5.6",
                            "db_subnet_group_name": "soa-identity-ms-prod-group",
                            "endpoint": "soa-identity-ms-prod-db-cluster.cluster-cmci1kjeunxx.us-west-2.rds.amazonaws.com",
                            "engine": "aurora",
                            "id": "soa-identity-ms-prod-db-cluster",
                            "kms_key_id": "arn:aws:kms:us-west-2:663559125979:key/404e2a13-3481-4a22-a0b6-280430d2fbab",
                            "master_password": "4\u00260L7$M1mO2l",
                            "master_username": "identity",
                            "parameter_group_name": "default.aurora5.6",
                            "port": "3306",
                            "preferred_backup_window": "07:05-07:35",
                            "preferred_maintenance_window": "mon:13:17-mon:13:47",
                            "reader_endpoint": "soa-identity-ms-prod-db-cluster.cluster-ro-cmci1kjeunxx.us-west-2.rds.amazonaws.com",
                            "skip_final_snapshot": "true",
                            "storage_encrypted": "true",
                            "tags.%": "0",
                            "vpc_security_group_ids.#": "1",
                            "vpc_security_group_ids.1399653914": "sg-6639ee1e"
                        },
                        "meta": {},
                        "tainted": false
                    },
                    "deposed": [],
                    "provider": ""
                },
                "aws_rds_cluster_instance.aurora_instance.0": {
                    "type": "aws_rds_cluster_instance",
                    "depends_on": [
                        "aws_db_subnet_group.aurora",
                        "aws_rds_cluster.aurora_cluster"
                    ],
                    "primary": {
                        "id": "soa-identity-ms-prod-db0",
                        "attributes": {
                            "cluster_identifier": "soa-identity-ms-prod-db-cluster",
                            "db_parameter_group_name": "default.aurora5.6",
                            "db_subnet_group_name": "soa-identity-ms-prod-group",
                            "endpoint": "soa-identity-ms-prod-db0.cmci1kjeunxx.us-west-2.rds.amazonaws.com",
                            "id": "soa-identity-ms-prod-db0",
                            "identifier": "soa-identity-ms-prod-db0",
                            "instance_class": "db.r3.large",
                            "kms_key_id": "arn:aws:kms:us-west-2:663559125979:key/404e2a13-3481-4a22-a0b6-280430d2fbab",
                            "monitoring_interval": "0",
                            "port": "3306",
                            "promotion_tier": "0",
                            "publicly_accessible": "false",
                            "storage_encrypted": "true",
                            "tags.%": "7",
                            "tags.Name": "prod-identity",
                            "tags.account_name": "jive-microservices-prod",
                            "tags.jive_service": "identity",
                            "tags.pipeline_phase": "prod",
                            "tags.region": "us-west-2",
                            "tags.service_component": "identity-aurora",
                            "tags.sla": "prod",
                            "writer": "false"
                        },
                        "meta": {},
                        "tainted": false
                    },
                    "deposed": [],
                    "provider": ""
                },
                "aws_rds_cluster_instance.aurora_instance.1": {
                    "type": "aws_rds_cluster_instance",
                    "depends_on": [
                        "aws_db_subnet_group.aurora",
                        "aws_rds_cluster.aurora_cluster"
                    ],
                    "primary": {
                        "id": "soa-identity-ms-prod-db1",
                        "attributes": {
                            "cluster_identifier": "soa-identity-ms-prod-db-cluster",
                            "db_parameter_group_name": "default.aurora5.6",
                            "db_subnet_group_name": "soa-identity-ms-prod-group",
                            "endpoint": "soa-identity-ms-prod-db1.cmci1kjeunxx.us-west-2.rds.amazonaws.com",
                            "id": "soa-identity-ms-prod-db1",
                            "identifier": "soa-identity-ms-prod-db1",
                            "instance_class": "db.r3.large",
                            "kms_key_id": "arn:aws:kms:us-west-2:663559125979:key/404e2a13-3481-4a22-a0b6-280430d2fbab",
                            "monitoring_interval": "0",
                            "port": "3306",
                            "promotion_tier": "0",
                            "publicly_accessible": "false",
                            "storage_encrypted": "true",
                            "tags.%": "7",
                            "tags.Name": "prod-identity",
                            "tags.account_name": "jive-microservices-prod",
                            "tags.jive_service": "identity",
                            "tags.pipeline_phase": "prod",
                            "tags.region": "us-west-2",
                            "tags.service_component": "identity-aurora",
                            "tags.sla": "prod",
                            "writer": "false"
                        },
                        "meta": {},
                        "tainted": false
                    },
                    "deposed": [],
                    "provider": ""
                },
                "aws_rds_cluster_instance.aurora_instance.2": {
                    "type": "aws_rds_cluster_instance",
                    "depends_on": [
                        "aws_db_subnet_group.aurora",
                        "aws_rds_cluster.aurora_cluster"
                    ],
                    "primary": {
                        "id": "soa-identity-ms-prod-db2",
                        "attributes": {
                            "cluster_identifier": "soa-identity-ms-prod-db-cluster",
                            "db_parameter_group_name": "default.aurora5.6",
                            "db_subnet_group_name": "soa-identity-ms-prod-group",
                            "endpoint": "soa-identity-ms-prod-db2.cmci1kjeunxx.us-west-2.rds.amazonaws.com",
                            "id": "soa-identity-ms-prod-db2",
                            "identifier": "soa-identity-ms-prod-db2",
                            "instance_class": "db.r3.large",
                            "kms_key_id": "arn:aws:kms:us-west-2:663559125979:key/404e2a13-3481-4a22-a0b6-280430d2fbab",
                            "monitoring_interval": "0",
                            "port": "3306",
                            "promotion_tier": "0",
                            "publicly_accessible": "false",
                            "storage_encrypted": "true",
                            "tags.%": "7",
                            "tags.Name": "prod-identity",
                            "tags.account_name": "jive-microservices-prod",
                            "tags.jive_service": "identity",
                            "tags.pipeline_phase": "prod",
                            "tags.region": "us-west-2",
                            "tags.service_component": "identity-aurora",
                            "tags.sla": "prod",
                            "writer": "true"
                        },
                        "meta": {},
                        "tainted": false
                    },
                    "deposed": [],
                    "provider": ""
                },
                "aws_security_group.aurora": {
                    "type": "aws_security_group",
                    "depends_on": [],
                    "primary": {
                        "id": "sg-6639ee1e",
                        "attributes": {
                            "description": "Aurora DB access.",
                            "egress.#": "0",
                            "id": "sg-6639ee1e",
                            "ingress.#": "1",
                            "ingress.1163740523.cidr_blocks.#": "1",
                            "ingress.1163740523.cidr_blocks.0": "0.0.0.0/0",
                            "ingress.1163740523.from_port": "3306",
                            "ingress.1163740523.protocol": "tcp",
                            "ingress.1163740523.security_groups.#": "0",
                            "ingress.1163740523.self": "false",
                            "ingress.1163740523.to_port": "3306",
                            "name": "ms-prod-aurora",
                            "owner_id": "663559125979",
                            "tags.%": "7",
                            "tags.Name": "ms-prod-identity",
                            "tags.account_name": "jive-microservices-prod",
                            "tags.jive_service": "identity",
                            "tags.pipeline_phase": "prod",
                            "tags.region": "us-west-2",
                            "tags.service_component": "identity-aurora",
                            "tags.sla": "prod",
                            "vpc_id": "vpc-ddd0d3b9"
                        },
                        "meta": {},
                        "tainted": false
                    },
                    "deposed": [],
                    "provider": ""
                },
                "aws_security_group.identity_redis": {
                    "type": "aws_security_group",
                    "depends_on": [],
                    "primary": {
                        "id": "sg-6239ee1a",
                        "attributes": {
                            "description": "Access to Identity Redis instance",
                            "egress.#": "0",
                            "id": "sg-6239ee1a",
                            "ingress.#": "1",
                            "ingress.89386786.cidr_blocks.#": "1",
                            "ingress.89386786.cidr_blocks.0": "10.0.0.0/8",
                            "ingress.89386786.from_port": "6379",
                            "ingress.89386786.protocol": "tcp",
                            "ingress.89386786.security_groups.#": "0",
                            "ingress.89386786.self": "false",
                            "ingress.89386786.to_port": "6379",
                            "name": "ms-prod-identity-redis",
                            "owner_id": "663559125979",
                            "tags.%": "7",
                            "tags.Name": "ms-prod-identity-redis",
                            "tags.account_name": "jive-microservices-prod",
                            "tags.jive_service": "identity",
                            "tags.pipeline_phase": "prod",
                            "tags.region": "us-west-2",
                            "tags.service_component": "Identity",
                            "tags.sla": "prod",
                            "vpc_id": "vpc-ddd0d3b9"
                        },
                        "meta": {},
                        "tainted": false
                    },
                    "deposed": [],
                    "provider": ""
                },
                "aws_security_group.postgres": {
                    "type": "aws_security_group",
                    "depends_on": [],
                    "primary": {
                        "id": "sg-6339ee1b",
                        "attributes": {
                            "description": "Postgres DB access.",
                            "egress.#": "0",
                            "id": "sg-6339ee1b",
                            "ingress.#": "1",
                            "ingress.761371496.cidr_blocks.#": "1",
                            "ingress.761371496.cidr_blocks.0": "0.0.0.0/0",
                            "ingress.761371496.from_port": "5432",
                            "ingress.761371496.protocol": "tcp",
                            "ingress.761371496.security_groups.#": "0",
                            "ingress.761371496.self": "false",
                            "ingress.761371496.to_port": "5432",
                            "name": "ms-prod-postgres",
                            "owner_id": "663559125979",
                            "tags.%": "7",
                            "tags.Name": "ms-prod-identity_db",
                            "tags.account_name": "jive-microservices-prod",
                            "tags.jive_service": "identity",
                            "tags.pipeline_phase": "prod",
                            "tags.region": "us-west-2",
                            "tags.service_component": "identity-postgres",
                            "tags.sla": "prod",
                            "vpc_id": "vpc-ddd0d3b9"
                        },
                        "meta": {},
                        "tainted": false
                    },
                    "deposed": [],
                    "provider": ""
                },
                "aws_sns_topic.identity_revoke_sns": {
                    "type": "aws_sns_topic",
                    "depends_on": [],
                    "primary": {
                        "id": "arn:aws:sns:us-west-2:663559125979:soa-identity-ms-prod-revocation",
                        "attributes": {
                            "arn": "arn:aws:sns:us-west-2:663559125979:soa-identity-ms-prod-revocation",
                            "display_name": "",
                            "id": "arn:aws:sns:us-west-2:663559125979:soa-identity-ms-prod-revocation",
                            "name": "soa-identity-ms-prod-revocation",
                            "policy": "{\"Id\":\"__default_policy_ID\",\"Statement\":[{\"Action\":[\"SNS:Publish\",\"SNS:RemovePermission\",\"SNS:SetTopicAttributes\",\"SNS:DeleteTopic\",\"SNS:ListSubscriptionsByTopic\",\"SNS:GetTopicAttributes\",\"SNS:Receive\",\"SNS:AddPermission\",\"SNS:Subscribe\"],\"Condition\":{\"StringEquals\":{\"AWS:SourceOwner\":\"663559125979\"}},\"Effect\":\"Allow\",\"Principal\":{\"AWS\":\"*\"},\"Resource\":\"arn:aws:sns:us-west-2:663559125979:soa-identity-ms-prod-revocation\",\"Sid\":\"__default_statement_ID\"},{\"Action\":\"SNS:Publish\",\"Effect\":\"Allow\",\"Principal\":{\"AWS\":[\"arn:aws:iam::663559125979:user/mako-soa-identity-auth-ms-prod\",\"arn:aws:iam::663559125979:user/mako-soa-identity-scim-ms-prod\",\"arn:aws:iam::663559125979:user/mako-soa-identity-rev-sync-ms-prod\",\"arn:aws:iam::663559125979:user/mako-soa-identity-management-ms-prod\"]},\"Resource\":\"arn:aws:sns:us-west-2:663559125979:soa-identity-ms-prod-revocation\",\"Sid\":\"__console_pub_0\"},{\"Action\":[\"SNS:Subscribe\",\"SNS:Receive\"],\"Effect\":\"Allow\",\"Principal\":{\"AWS\":[\"arn:aws:iam::663559125979:user/mako-soa-identity-auth-ms-prod\",\"arn:aws:iam::663559125979:user/mako-soa-identity-scim-ms-prod\",\"arn:aws:iam::663559125979:user/mako-soa-identity-rev-sync-ms-prod\",\"arn:aws:iam::663559125979:user/mako-soa-identity-management-ms-prod\"]},\"Resource\":\"arn:aws:sns:us-west-2:663559125979:soa-identity-ms-prod-revocation\",\"Sid\":\"__console_sub_0\"}],\"Version\":\"2008-10-17\"}"
                        },
                        "meta": {},
                        "tainted": false
                    },
                    "deposed": [],
                    "provider": ""
                }
            },
            "depends_on": []
        }
    ]
}
