{
    "version": 3,
    "terraform_version": "0.9.2",
    "serial": 15,
    "lineage": "bcf7914c-673a-4c8d-a6e2-31f9e1014c15",
    "modules": [
        {
            "path": [
                "root"
            ],
            "outputs": {},
            "resources": {
                "aws_autoscaling_group.bastion": {
                    "type": "aws_autoscaling_group",
                    "depends_on": [],
                    "primary": {
                        "id": "infra-brewprod-bastion-asg-terraform-009122efef730953dc5c6794fc",
                        "attributes": {
                            "arn": "arn:aws:autoscaling:us-west-2:549229563172:autoScalingGroup:9e4488ae-b454-4a3d-8f98-c8d8de7ea07a:autoScalingGroupName/infra-brewprod-bastion-asg-terraform-009122efef730953dc5c6794fc",
                            "availability_zones.#": "1",
                            "availability_zones.2487133097": "us-west-2a",
                            "default_cooldown": "300",
                            "desired_capacity": "1",
                            "force_delete": "false",
                            "health_check_grace_period": "300",
                            "health_check_type": "EC2",
                            "id": "infra-brewprod-bastion-asg-terraform-009122efef730953dc5c6794fc",
                            "launch_configuration": "terraform-009122efef730953dc5c6794fc",
                            "load_balancers.#": "0",
                            "max_size": "1",
                            "metrics_granularity": "1Minute",
                            "min_size": "1",
                            "name": "infra-brewprod-bastion-asg-terraform-009122efef730953dc5c6794fc",
                            "placement_group": "",
                            "protect_from_scale_in": "false",
                            "suspended_processes.#": "0",
                            "tag.#": "8",
                            "tag.1227918615.key": "Name",
                            "tag.1227918615.propagate_at_launch": "true",
                            "tag.1227918615.value": "infra-brewprod-bastion-instance",
                            "tag.169118653.key": "sla",
                            "tag.169118653.propagate_at_launch": "true",
                            "tag.169118653.value": "prod",
                            "tag.2005627539.key": "region",
                            "tag.2005627539.propagate_at_launch": "true",
                            "tag.2005627539.value": "us-west-2",
                            "tag.2734052481.key": "service_component",
                            "tag.2734052481.propagate_at_launch": "true",
                            "tag.2734052481.value": "bastion",
                            "tag.3193485981.key": "pipeline_phase",
                            "tag.3193485981.propagate_at_launch": "true",
                            "tag.3193485981.value": "infra-brewprod",
                            "tag.3716214277.key": "account_name",
                            "tag.3716214277.propagate_at_launch": "true",
                            "tag.3716214277.value": "jive-reco-brewprod",
                            "tag.4005253380.key": "bastionip",
                            "tag.4005253380.propagate_at_launch": "true",
                            "tag.4005253380.value": "10.127.51.7",
                            "tag.853938758.key": "jive_service",
                            "tag.853938758.propagate_at_launch": "true",
                            "tag.853938758.value": "infrastructure",
                            "target_group_arns.#": "0",
                            "termination_policies.#": "0",
                            "vpc_zone_identifier.#": "1",
                            "vpc_zone_identifier.1733077718": "subnet-dd18b2b9",
                            "wait_for_capacity_timeout": "10m"
                        },
                        "meta": {},
                        "tainted": false
                    },
                    "deposed": [],
                    "provider": ""
                },
                "aws_eip.natgw.0": {
                    "type": "aws_eip",
                    "depends_on": [],
                    "primary": {
                        "id": "eipalloc-9998fefd",
                        "attributes": {
                            "association_id": "eipassoc-e45518de",
                            "domain": "vpc",
                            "id": "eipalloc-9998fefd",
                            "instance": "",
                            "network_interface": "eni-0b927820",
                            "private_ip": "10.127.51.113",
                            "public_ip": "52.39.234.27",
                            "vpc": "true"
                        },
                        "meta": {},
                        "tainted": false
                    },
                    "deposed": [],
                    "provider": ""
                },
                "aws_eip.natgw.1": {
                    "type": "aws_eip",
                    "depends_on": [],
                    "primary": {
                        "id": "eipalloc-260b6f1c",
                        "attributes": {
                            "association_id": "eipassoc-56561b6c",
                            "domain": "vpc",
                            "id": "eipalloc-260b6f1c",
                            "instance": "",
                            "network_interface": "eni-d3ebe0e9",
                            "private_ip": "10.127.51.141",
                            "public_ip": "52.27.168.33",
                            "vpc": "true"
                        },
                        "meta": {},
                        "tainted": false
                    },
                    "deposed": [],
                    "provider": ""
                },
                "aws_eip.natgw.2": {
                    "type": "aws_eip",
                    "depends_on": [],
                    "primary": {
                        "id": "eipalloc-d41470ee",
                        "attributes": {
                            "association_id": "eipassoc-f0561bca",
                            "domain": "vpc",
                            "id": "eipalloc-d41470ee",
                            "instance": "",
                            "network_interface": "eni-644a1968",
                            "private_ip": "10.127.51.167",
                            "public_ip": "54.70.71.68",
                            "vpc": "true"
                        },
                        "meta": {},
                        "tainted": false
                    },
                    "deposed": [],
                    "provider": ""
                },
                "aws_internet_gateway.igw": {
                    "type": "aws_internet_gateway",
                    "depends_on": [
                        "aws_vpc.main"
                    ],
                    "primary": {
                        "id": "igw-272b1042",
                        "attributes": {
                            "id": "igw-272b1042",
                            "tags.%": "5",
                            "tags.Name": "infra-brewprod-igw",
                            "tags.Pipeline_phase": "infra-brewprod",
                            "tags.Region": "us-west-2",
                            "tags.SLA": "prod",
                            "vpc_id": "vpc-28cb654c"
                        },
                        "meta": {},
                        "tainted": false
                    },
                    "deposed": [],
                    "provider": ""
                },
                "aws_launch_configuration.bastion": {
                    "type": "aws_launch_configuration",
                    "depends_on": [],
                    "primary": {
                        "id": "terraform-009122efef730953dc5c6794fc",
                        "attributes": {
                            "associate_public_ip_address": "false",
                            "ebs_optimized": "false",
                            "enable_monitoring": "true",
                            "iam_instance_profile": "eni-attach-profile",
                            "id": "terraform-009122efef730953dc5c6794fc",
                            "image_id": "ami-d2c924b2",
                            "instance_type": "t2.medium",
                            "key_name": "reco-brewprod",
                            "name": "terraform-009122efef730953dc5c6794fc",
                            "root_block_device.#": "1",
                            "root_block_device.0.delete_on_termination": "true",
                            "root_block_device.0.iops": "0",
                            "root_block_device.0.volume_size": "25",
                            "root_block_device.0.volume_type": "",
                            "security_groups.#": "3",
                            "security_groups.2045898046": "sg-d13c3ab6",
                            "security_groups.2827081244": "sg-d03c3ab7",
                            "security_groups.3745592401": "sg-da3c3abd",
                            "spot_price": "",
                            "user_data": "20433a975e196444ebde42fb830b22b97b383a67",
                            "vpc_classic_link_id": "",
                            "vpc_classic_link_security_groups.#": "0"
                        },
                        "meta": {},
                        "tainted": false
                    },
                    "deposed": [],
                    "provider": ""
                },
                "aws_nat_gateway.natgw.0": {
                    "type": "aws_nat_gateway",
                    "depends_on": [
                        "aws_eip.natgw.*",
                        "aws_internet_gateway.igw",
                        "aws_subnet.public.*"
                    ],
                    "primary": {
                        "id": "nat-0940f9eab1efb5179",
                        "attributes": {
                            "allocation_id": "eipalloc-9998fefd",
                            "id": "nat-0940f9eab1efb5179",
                            "network_interface_id": "eni-0b927820",
                            "private_ip": "10.127.51.113",
                            "public_ip": "52.39.234.27",
                            "subnet_id": "subnet-df18b2bb"
                        },
                        "meta": {},
                        "tainted": false
                    },
                    "deposed": [],
                    "provider": ""
                },
                "aws_nat_gateway.natgw.1": {
                    "type": "aws_nat_gateway",
                    "depends_on": [
                        "aws_eip.natgw.*",
                        "aws_internet_gateway.igw",
                        "aws_subnet.public.*"
                    ],
                    "primary": {
                        "id": "nat-0100e811c8108c01f",
                        "attributes": {
                            "allocation_id": "eipalloc-260b6f1c",
                            "id": "nat-0100e811c8108c01f",
                            "network_interface_id": "eni-d3ebe0e9",
                            "private_ip": "10.127.51.141",
                            "public_ip": "52.27.168.33",
                            "subnet_id": "subnet-cb3af5bd"
                        },
                        "meta": {},
                        "tainted": false
                    },
                    "deposed": [],
                    "provider": ""
                },
                "aws_nat_gateway.natgw.2": {
                    "type": "aws_nat_gateway",
                    "depends_on": [
                        "aws_eip.natgw.*",
                        "aws_internet_gateway.igw",
                        "aws_subnet.public.*"
                    ],
                    "primary": {
                        "id": "nat-0925136d687b64f18",
                        "attributes": {
                            "allocation_id": "eipalloc-d41470ee",
                            "id": "nat-0925136d687b64f18",
                            "network_interface_id": "eni-644a1968",
                            "private_ip": "10.127.51.167",
                            "public_ip": "54.70.71.68",
                            "subnet_id": "subnet-bddfc1e4"
                        },
                        "meta": {},
                        "tainted": false
                    },
                    "deposed": [],
                    "provider": ""
                },
                "aws_network_interface.bastion": {
                    "type": "aws_network_interface",
                    "depends_on": [
                        "aws_security_group.admin_instance",
                        "aws_security_group.env_instance",
                        "aws_security_group.jive_phx_dc",
                        "aws_subnet.natdc"
                    ],
                    "primary": {
                        "id": "eni-8c8062f6",
                        "attributes": {
                            "attachment.#": "1",
                            "attachment.18934704.attachment_id": "eni-attach-7c5fdd19",
                            "attachment.18934704.device_index": "1",
                            "attachment.18934704.instance": "i-00e52df35c7bc00cc",
                            "description": "",
                            "id": "eni-8c8062f6",
                            "private_ips.#": "1",
                            "private_ips.3763377350": "10.127.51.7",
                            "security_groups.#": "3",
                            "security_groups.2045898046": "sg-d13c3ab6",
                            "security_groups.2827081244": "sg-d03c3ab7",
                            "security_groups.3745592401": "sg-da3c3abd",
                            "source_dest_check": "true",
                            "subnet_id": "subnet-dd18b2b9",
                            "tags.%": "7",
                            "tags.Name": "infra-brewprod-bastion-instance",
                            "tags.account_name": "jive-reco-brewprod",
                            "tags.jive_service": "infrastructure",
                            "tags.pipeline_phase": "infra-brewprod",
                            "tags.region": "us-west-2",
                            "tags.service_component": "bastion",
                            "tags.sla": "prod"
                        },
                        "meta": {},
                        "tainted": false
                    },
                    "deposed": [],
                    "provider": ""
                },
                "aws_route53_record.bastion": {
                    "type": "aws_route53_record",
                    "depends_on": [],
                    "primary": {
                        "id": "Z3FK7RX5N4M7YS_bastion-us-west-2-jive-reco-brewprod_A",
                        "attributes": {
                            "fqdn": "bastion-us-west-2-jive-reco-brewprod.jiveprivate.com",
                            "health_check_id": "",
                            "id": "Z3FK7RX5N4M7YS_bastion-us-west-2-jive-reco-brewprod_A",
                            "name": "bastion-us-west-2-jive-reco-brewprod",
                            "records.#": "1",
                            "records.3763377350": "10.127.51.7",
                            "set_identifier": "",
                            "ttl": "60",
                            "type": "A",
                            "zone_id": "Z3FK7RX5N4M7YS"
                        },
                        "meta": {
                            "schema_version": "2"
                        },
                        "tainted": false
                    },
                    "deposed": [],
                    "provider": ""
                },
                "aws_route53_zone_association.route53": {
                    "type": "aws_route53_zone_association",
                    "depends_on": [
                        "aws_vpc.main"
                    ],
                    "primary": {
                        "id": "Z3FK7RX5N4M7YS:vpc-28cb654c",
                        "attributes": {
                            "id": "Z3FK7RX5N4M7YS:vpc-28cb654c",
                            "vpc_id": "vpc-28cb654c",
                            "vpc_region": "us-west-2",
                            "zone_id": "Z3FK7RX5N4M7YS"
                        },
                        "meta": {},
                        "tainted": false
                    },
                    "deposed": [],
                    "provider": ""
                },
                "aws_route_table.natdc.0": {
                    "type": "aws_route_table",
                    "depends_on": [
                        "aws_nat_gateway.natgw",
                        "aws_vpc.main",
                        "aws_vpn_gateway.vgw"
                    ],
                    "primary": {
                        "id": "rtb-a3ff69c7",
                        "attributes": {
                            "id": "rtb-a3ff69c7",
                            "propagating_vgws.#": "1",
                            "propagating_vgws.1673296962": "vgw-24af763a",
                            "route.#": "2",
                            "route.1887274767.cidr_block": "10.126.48.0/20",
                            "route.1887274767.egress_only_gateway_id": "",
                            "route.1887274767.gateway_id": "",
                            "route.1887274767.instance_id": "",
                            "route.1887274767.ipv6_cidr_block": "",
                            "route.1887274767.nat_gateway_id": "",
                            "route.1887274767.network_interface_id": "",
                            "route.1887274767.vpc_peering_connection_id": "pcx-ec73d985",
                            "route.2268953357.cidr_block": "0.0.0.0/0",
                            "route.2268953357.egress_only_gateway_id": "",
                            "route.2268953357.gateway_id": "",
                            "route.2268953357.instance_id": "",
                            "route.2268953357.ipv6_cidr_block": "",
                            "route.2268953357.nat_gateway_id": "nat-0100e811c8108c01f",
                            "route.2268953357.network_interface_id": "",
                            "route.2268953357.vpc_peering_connection_id": "",
                            "tags.%": "5",
                            "tags.Name": "infra-brewprod-natdc-routetable",
                            "tags.account_name": "jive-reco-brewprod",
                            "tags.pipeline_phase": "infra-brewprod",
                            "tags.region": "us-west-2",
                            "tags.sla": "prod",
                            "vpc_id": "vpc-28cb654c"
                        },
                        "meta": {},
                        "tainted": false
                    },
                    "deposed": [],
                    "provider": ""
                },
                "aws_route_table.natdc.1": {
                    "type": "aws_route_table",
                    "depends_on": [
                        "aws_nat_gateway.natgw.*",
                        "aws_vpc.main",
                        "aws_vpn_gateway.vgw"
                    ],
                    "primary": {
                        "id": "rtb-dc6bb1ba",
                        "attributes": {
                            "id": "rtb-dc6bb1ba",
                            "propagating_vgws.#": "1",
                            "propagating_vgws.1673296962": "vgw-24af763a",
                            "route.#": "2",
                            "route.1887274767.cidr_block": "10.126.48.0/20",
                            "route.1887274767.egress_only_gateway_id": "",
                            "route.1887274767.gateway_id": "",
                            "route.1887274767.instance_id": "",
                            "route.1887274767.ipv6_cidr_block": "",
                            "route.1887274767.nat_gateway_id": "",
                            "route.1887274767.network_interface_id": "",
                            "route.1887274767.vpc_peering_connection_id": "pcx-ec73d985",
                            "route.2268953357.cidr_block": "0.0.0.0/0",
                            "route.2268953357.egress_only_gateway_id": "",
                            "route.2268953357.gateway_id": "",
                            "route.2268953357.instance_id": "",
                            "route.2268953357.ipv6_cidr_block": "",
                            "route.2268953357.nat_gateway_id": "nat-0100e811c8108c01f",
                            "route.2268953357.network_interface_id": "",
                            "route.2268953357.vpc_peering_connection_id": "",
                            "tags.%": "5",
                            "tags.Name": "infra-brewprod-natdc-routetable",
                            "tags.account_name": "jive-reco-brewprod",
                            "tags.pipeline_phase": "infra-brewprod",
                            "tags.region": "us-west-2",
                            "tags.sla": "prod",
                            "vpc_id": "vpc-28cb654c"
                        },
                        "meta": {},
                        "tainted": false
                    },
                    "deposed": [],
                    "provider": ""
                },
                "aws_route_table.natdc.2": {
                    "type": "aws_route_table",
                    "depends_on": [
                        "aws_nat_gateway.natgw.*",
                        "aws_vpc.main",
                        "aws_vpn_gateway.vgw"
                    ],
                    "primary": {
                        "id": "rtb-2d74ae4b",
                        "attributes": {
                            "id": "rtb-2d74ae4b",
                            "propagating_vgws.#": "1",
                            "propagating_vgws.1673296962": "vgw-24af763a",
                            "route.#": "2",
                            "route.1887274767.cidr_block": "10.126.48.0/20",
                            "route.1887274767.egress_only_gateway_id": "",
                            "route.1887274767.gateway_id": "",
                            "route.1887274767.instance_id": "",
                            "route.1887274767.ipv6_cidr_block": "",
                            "route.1887274767.nat_gateway_id": "",
                            "route.1887274767.network_interface_id": "",
                            "route.1887274767.vpc_peering_connection_id": "pcx-ec73d985",
                            "route.999133155.cidr_block": "0.0.0.0/0",
                            "route.999133155.egress_only_gateway_id": "",
                            "route.999133155.gateway_id": "",
                            "route.999133155.instance_id": "",
                            "route.999133155.ipv6_cidr_block": "",
                            "route.999133155.nat_gateway_id": "nat-0925136d687b64f18",
                            "route.999133155.network_interface_id": "",
                            "route.999133155.vpc_peering_connection_id": "",
                            "tags.%": "5",
                            "tags.Name": "infra-brewprod-natdc-routetable",
                            "tags.Pipeline_phase": "infra-brewprod",
                            "tags.Region": "us-west-2",
                            "tags.SLA": "prod",
                            "vpc_id": "vpc-28cb654c"
                        },
                        "meta": {},
                        "tainted": false
                    },
                    "deposed": [],
                    "provider": ""
                },
                "aws_route_table.private": {
                    "type": "aws_route_table",
                    "depends_on": [
                        "aws_vpc.main"
                    ],
                    "primary": {
                        "id": "rtb-26ff6942",
                        "attributes": {
                            "id": "rtb-26ff6942",
                            "route.#": "1",
                            "route.1887274767.cidr_block": "10.126.48.0/20",
                            "route.1887274767.egress_only_gateway_id": "",
                            "route.1887274767.gateway_id": "",
                            "route.1887274767.instance_id": "",
                            "route.1887274767.ipv6_cidr_block": "",
                            "route.1887274767.nat_gateway_id": "",
                            "route.1887274767.network_interface_id": "",
                            "route.1887274767.vpc_peering_connection_id": "pcx-ec73d985",
                            "tags.%": "5",
                            "tags.Name": "infra-brewprod-private-routetable",
                            "tags.Pipeline_phase": "infra-brewprod",
                            "tags.Region": "us-west-2",
                            "tags.SLA": "prod",
                            "vpc_id": "vpc-28cb654c"
                        },
                        "meta": {},
                        "tainted": false
                    },
                    "deposed": [],
                    "provider": ""
                },
                "aws_route_table.public": {
                    "type": "aws_route_table",
                    "depends_on": [
                        "aws_internet_gateway.igw",
                        "aws_vpc.main"
                    ],
                    "primary": {
                        "id": "rtb-22ff6946",
                        "attributes": {
                            "id": "rtb-22ff6946",
                            "route.#": "2",
                            "route.1887274767.cidr_block": "10.126.48.0/20",
                            "route.1887274767.egress_only_gateway_id": "",
                            "route.1887274767.gateway_id": "",
                            "route.1887274767.instance_id": "",
                            "route.1887274767.ipv6_cidr_block": "",
                            "route.1887274767.nat_gateway_id": "",
                            "route.1887274767.network_interface_id": "",
                            "route.1887274767.vpc_peering_connection_id": "pcx-ec73d985",
                            "route.3446802670.cidr_block": "0.0.0.0/0",
                            "route.3446802670.egress_only_gateway_id": "",
                            "route.3446802670.gateway_id": "igw-272b1042",
                            "route.3446802670.instance_id": "",
                            "route.3446802670.ipv6_cidr_block": "",
                            "route.3446802670.nat_gateway_id": "",
                            "route.3446802670.network_interface_id": "",
                            "route.3446802670.vpc_peering_connection_id": "",
                            "tags.%": "5",
                            "tags.Name": "infra-brewprod-public-routetable",
                            "tags.Pipeline_phase": "infra-brewprod",
                            "tags.Region": "us-west-2",
                            "tags.SLA": "prod",
                            "vpc_id": "vpc-28cb654c"
                        },
                        "meta": {},
                        "tainted": false
                    },
                    "deposed": [],
                    "provider": ""
                },
                "aws_route_table_association.natdc.0": {
                    "type": "aws_route_table_association",
                    "depends_on": [
                        "aws_route_table.natdc.*",
                        "aws_subnet.natdc.*"
                    ],
                    "primary": {
                        "id": "rtbassoc-9a0138fe",
                        "attributes": {
                            "id": "rtbassoc-9a0138fe",
                            "route_table_id": "rtb-a3ff69c7",
                            "subnet_id": "subnet-c93af5bf"
                        },
                        "meta": {},
                        "tainted": false
                    },
                    "deposed": [],
                    "provider": ""
                },
                "aws_route_table_association.natdc.1": {
                    "type": "aws_route_table_association",
                    "depends_on": [
                        "aws_route_table.natdc.*",
                        "aws_subnet.natdc.*"
                    ],
                    "primary": {
                        "id": "rtbassoc-8718c8fe",
                        "attributes": {
                            "id": "rtbassoc-8718c8fe",
                            "route_table_id": "rtb-dc6bb1ba",
                            "subnet_id": "subnet-bcdfc1e5"
                        },
                        "meta": {},
                        "tainted": false
                    },
                    "deposed": [],
                    "provider": ""
                },
                "aws_route_table_association.natdc.2": {
                    "type": "aws_route_table_association",
                    "depends_on": [
                        "aws_route_table.natdc.*",
                        "aws_subnet.natdc.*"
                    ],
                    "primary": {
                        "id": "rtbassoc-3f18c846",
                        "attributes": {
                            "id": "rtbassoc-3f18c846",
                            "route_table_id": "rtb-2d74ae4b",
                            "subnet_id": "subnet-dd18b2b9"
                        },
                        "meta": {},
                        "tainted": false
                    },
                    "deposed": [],
                    "provider": ""
                },
                "aws_route_table_association.private.0": {
                    "type": "aws_route_table_association",
                    "depends_on": [
                        "aws_route_table.private",
                        "aws_subnet.private"
                    ],
                    "primary": {
                        "id": "rtbassoc-21013845",
                        "attributes": {
                            "id": "rtbassoc-21013845",
                            "route_table_id": "rtb-26ff6942",
                            "subnet_id": "subnet-d818b2bc"
                        },
                        "meta": {},
                        "tainted": false
                    },
                    "deposed": [],
                    "provider": ""
                },
                "aws_route_table_association.private.1": {
                    "type": "aws_route_table_association",
                    "depends_on": [
                        "aws_route_table.private",
                        "aws_subnet.private"
                    ],
                    "primary": {
                        "id": "rtbassoc-27013843",
                        "attributes": {
                            "id": "rtbassoc-27013843",
                            "route_table_id": "rtb-26ff6942",
                            "subnet_id": "subnet-ca3af5bc"
                        },
                        "meta": {},
                        "tainted": false
                    },
                    "deposed": [],
                    "provider": ""
                },
                "aws_route_table_association.private.2": {
                    "type": "aws_route_table_association",
                    "depends_on": [
                        "aws_route_table.private",
                        "aws_subnet.private"
                    ],
                    "primary": {
                        "id": "rtbassoc-20013844",
                        "attributes": {
                            "id": "rtbassoc-20013844",
                            "route_table_id": "rtb-26ff6942",
                            "subnet_id": "subnet-bfdfc1e6"
                        },
                        "meta": {},
                        "tainted": false
                    },
                    "deposed": [],
                    "provider": ""
                },
                "aws_route_table_association.public.0": {
                    "type": "aws_route_table_association",
                    "depends_on": [
                        "aws_route_table.public",
                        "aws_subnet.public"
                    ],
                    "primary": {
                        "id": "rtbassoc-2c013848",
                        "attributes": {
                            "id": "rtbassoc-2c013848",
                            "route_table_id": "rtb-22ff6946",
                            "subnet_id": "subnet-df18b2bb"
                        },
                        "meta": {},
                        "tainted": false
                    },
                    "deposed": [],
                    "provider": ""
                },
                "aws_route_table_association.public.1": {
                    "type": "aws_route_table_association",
                    "depends_on": [
                        "aws_route_table.public",
                        "aws_subnet.public"
                    ],
                    "primary": {
                        "id": "rtbassoc-23013847",
                        "attributes": {
                            "id": "rtbassoc-23013847",
                            "route_table_id": "rtb-22ff6946",
                            "subnet_id": "subnet-cb3af5bd"
                        },
                        "meta": {},
                        "tainted": false
                    },
                    "deposed": [],
                    "provider": ""
                },
                "aws_route_table_association.public.2": {
                    "type": "aws_route_table_association",
                    "depends_on": [
                        "aws_route_table.public",
                        "aws_subnet.public"
                    ],
                    "primary": {
                        "id": "rtbassoc-22013846",
                        "attributes": {
                            "id": "rtbassoc-22013846",
                            "route_table_id": "rtb-22ff6946",
                            "subnet_id": "subnet-bddfc1e4"
                        },
                        "meta": {},
                        "tainted": false
                    },
                    "deposed": [],
                    "provider": ""
                },
                "aws_security_group.admin_instance": {
                    "type": "aws_security_group",
                    "depends_on": [
                        "aws_vpc.main"
                    ],
                    "primary": {
                        "id": "sg-d13c3ab6",
                        "attributes": {
                            "description": "Admin instances for the VPC",
                            "id": "sg-d13c3ab6",
                            "name": "infra-brewprod-admin-instance",
                            "owner_id": "549229563172",
                            "tags.%": "5",
                            "tags.Name": "infra-brewprod-admin-instance",
                            "tags.Pipeline_phase": "infra-brewprod",
                            "tags.Region": "us-west-2",
                            "tags.SLA": "prod",
                            "vpc_id": "vpc-28cb654c"
                        },
                        "meta": {},
                        "tainted": false
                    },
                    "deposed": [],
                    "provider": ""
                },
                "aws_security_group.env_instance": {
                    "type": "aws_security_group",
                    "depends_on": [
                        "aws_security_group.admin_instance",
                        "aws_vpc.main"
                    ],
                    "primary": {
                        "id": "sg-da3c3abd",
                        "attributes": {
                            "description": "All instances within the evironment",
                            "egress.#": "1",
                            "egress.482069346.cidr_blocks.#": "1",
                            "egress.482069346.cidr_blocks.0": "0.0.0.0/0",
                            "egress.482069346.from_port": "0",
                            "egress.482069346.ipv6_cidr_blocks.#": "0",
                            "egress.482069346.prefix_list_ids.#": "0",
                            "egress.482069346.protocol": "-1",
                            "egress.482069346.self": "false",
                            "egress.482069346.to_port": "0",
                            "id": "sg-da3c3abd",
                            "ingress.#": "2",
                            "ingress.200734020.from_port": "22",
                            "ingress.200734020.ipv6_cidr_blocks.#": "0",
                            "ingress.200734020.protocol": "tcp",
                            "ingress.200734020.security_groups.#": "1",
                            "ingress.200734020.security_groups.2045898046": "sg-d13c3ab6",
                            "ingress.200734020.self": "false",
                            "ingress.200734020.to_port": "22",
                            "ingress.3061983975.from_port": "8",
                            "ingress.3061983975.ipv6_cidr_blocks.#": "0",
                            "ingress.3061983975.protocol": "icmp",
                            "ingress.3061983975.security_groups.#": "1",
                            "ingress.3061983975.security_groups.2045898046": "sg-d13c3ab6",
                            "ingress.3061983975.self": "false",
                            "ingress.3061983975.to_port": "0",
                            "name": "infra-brewprod-instance",
                            "owner_id": "549229563172",
                            "tags.%": "5",
                            "tags.Name": "infra-brewprod-instance",
                            "tags.Pipeline_phase": "infra-brewprod",
                            "tags.Region": "us-west-2",
                            "tags.SLA": "prod",
                            "vpc_id": "vpc-28cb654c"
                        },
                        "meta": {},
                        "tainted": false
                    },
                    "deposed": [],
                    "provider": ""
                },
                "aws_security_group.jive_phx_dc": {
                    "type": "aws_security_group",
                    "depends_on": [
                        "aws_vpc.main"
                    ],
                    "primary": {
                        "id": "sg-d03c3ab7",
                        "attributes": {
                            "description": "Allow SSH and Ping from CIDRs within Jive PHX Data Center",
                            "id": "sg-d03c3ab7",
                            "ingress.#": "2",
                            "ingress.2541437006.cidr_blocks.#": "1",
                            "ingress.2541437006.cidr_blocks.0": "0.0.0.0/0",
                            "ingress.2541437006.from_port": "22",
                            "ingress.2541437006.ipv6_cidr_blocks.#": "0",
                            "ingress.2541437006.protocol": "tcp",
                            "ingress.2541437006.self": "false",
                            "ingress.2541437006.to_port": "22",
                            "ingress.562924094.cidr_blocks.#": "7",
                            "ingress.562924094.cidr_blocks.0": "10.10.0.0/16",
                            "ingress.562924094.cidr_blocks.1": "10.96.0.0/12",
                            "ingress.562924094.cidr_blocks.2": "10.128.0.0/12",
                            "ingress.562924094.cidr_blocks.3": "10.160.0.0/12",
                            "ingress.562924094.cidr_blocks.4": "10.190.0.0/15",
                            "ingress.562924094.cidr_blocks.5": "10.248.0.0/13",
                            "ingress.562924094.cidr_blocks.6": "70.98.39.250/32",
                            "ingress.562924094.from_port": "8",
                            "ingress.562924094.ipv6_cidr_blocks.#": "0",
                            "ingress.562924094.protocol": "icmp",
                            "ingress.562924094.self": "false",
                            "ingress.562924094.to_port": "0",
                            "name": "infra-brewprod-jive-phx-dc",
                            "owner_id": "549229563172",
                            "tags.%": "5",
                            "tags.Name": "infra-brewprod-jive-phx-dc",
                            "tags.Pipeline_phase": "infra-brewprod",
                            "tags.Region": "us-west-2",
                            "tags.SLA": "prod",
                            "vpc_id": "vpc-28cb654c"
                        },
                        "meta": {},
                        "tainted": false
                    },
                    "deposed": [],
                    "provider": ""
                },
                "aws_security_group.natgw_instance": {
                    "type": "aws_security_group",
                    "depends_on": [
                        "aws_security_group.env_instance",
                        "aws_vpc.main"
                    ],
                    "primary": {
                        "id": "sg-a43c3ac3",
                        "attributes": {
                            "description": "Members of this SG are allowed to send any type of traffic to the NAT Box.",
                            "id": "sg-a43c3ac3",
                            "ingress.#": "1",
                            "ingress.2500232082.from_port": "0",
                            "ingress.2500232082.ipv6_cidr_blocks.#": "0",
                            "ingress.2500232082.protocol": "-1",
                            "ingress.2500232082.security_groups.#": "1",
                            "ingress.2500232082.security_groups.3745592401": "sg-da3c3abd",
                            "ingress.2500232082.self": "false",
                            "ingress.2500232082.to_port": "0",
                            "name": "infra-brewprod-natgw-instance",
                            "owner_id": "549229563172",
                            "tags.%": "5",
                            "tags.Name": "infra-brewprod-natgw-instance",
                            "tags.Pipeline_phase": "infra-brewprod",
                            "tags.Region": "us-west-2",
                            "tags.SLA": "prod",
                            "vpc_id": "vpc-28cb654c"
                        },
                        "meta": {},
                        "tainted": false
                    },
                    "deposed": [],
                    "provider": ""
                },
                "aws_subnet.natdc.0": {
                    "type": "aws_subnet",
                    "depends_on": [
                        "aws_vpc.main"
                    ],
                    "primary": {
                        "id": "subnet-dd18b2b9",
                        "attributes": {
                            "assign_ipv6_address_on_creation": "false",
                            "availability_zone": "us-west-2a",
                            "cidr_block": "10.127.51.0/27",
                            "id": "subnet-dd18b2b9",
                            "map_public_ip_on_launch": "false",
                            "tags.%": "5",
                            "tags.Name": "infra-brewprod-natdc-subnet",
                            "tags.Pipeline_phase": "infra-brewprod",
                            "tags.Region": "us-west-2",
                            "tags.SLA": "prod",
                            "vpc_id": "vpc-28cb654c"
                        },
                        "meta": {},
                        "tainted": false
                    },
                    "deposed": [],
                    "provider": ""
                },
                "aws_subnet.natdc.1": {
                    "type": "aws_subnet",
                    "depends_on": [
                        "aws_vpc.main"
                    ],
                    "primary": {
                        "id": "subnet-c93af5bf",
                        "attributes": {
                            "assign_ipv6_address_on_creation": "false",
                            "availability_zone": "us-west-2b",
                            "cidr_block": "10.127.51.32/27",
                            "id": "subnet-c93af5bf",
                            "map_public_ip_on_launch": "false",
                            "tags.%": "5",
                            "tags.Name": "infra-brewprod-natdc-subnet",
                            "tags.Pipeline_phase": "infra-brewprod",
                            "tags.Region": "us-west-2",
                            "tags.SLA": "prod",
                            "vpc_id": "vpc-28cb654c"
                        },
                        "meta": {},
                        "tainted": false
                    },
                    "deposed": [],
                    "provider": ""
                },
                "aws_subnet.natdc.2": {
                    "type": "aws_subnet",
                    "depends_on": [
                        "aws_vpc.main"
                    ],
                    "primary": {
                        "id": "subnet-bcdfc1e5",
                        "attributes": {
                            "assign_ipv6_address_on_creation": "false",
                            "availability_zone": "us-west-2c",
                            "cidr_block": "10.127.51.64/27",
                            "id": "subnet-bcdfc1e5",
                            "map_public_ip_on_launch": "false",
                            "tags.%": "5",
                            "tags.Name": "infra-brewprod-natdc-subnet",
                            "tags.Pipeline_phase": "infra-brewprod",
                            "tags.Region": "us-west-2",
                            "tags.SLA": "prod",
                            "vpc_id": "vpc-28cb654c"
                        },
                        "meta": {},
                        "tainted": false
                    },
                    "deposed": [],
                    "provider": ""
                },
                "aws_subnet.private.0": {
                    "type": "aws_subnet",
                    "depends_on": [
                        "aws_vpc.main"
                    ],
                    "primary": {
                        "id": "subnet-d818b2bc",
                        "attributes": {
                            "assign_ipv6_address_on_creation": "false",
                            "availability_zone": "us-west-2a",
                            "cidr_block": "10.127.51.192/28",
                            "id": "subnet-d818b2bc",
                            "map_public_ip_on_launch": "false",
                            "tags.%": "5",
                            "tags.Name": "infra-brewprod-private-subnet",
                            "tags.Pipeline_phase": "infra-brewprod",
                            "tags.Region": "us-west-2",
                            "tags.SLA": "prod",
                            "vpc_id": "vpc-28cb654c"
                        },
                        "meta": {},
                        "tainted": false
                    },
                    "deposed": [],
                    "provider": ""
                },
                "aws_subnet.private.1": {
                    "type": "aws_subnet",
                    "depends_on": [
                        "aws_vpc.main"
                    ],
                    "primary": {
                        "id": "subnet-ca3af5bc",
                        "attributes": {
                            "assign_ipv6_address_on_creation": "false",
                            "availability_zone": "us-west-2b",
                            "cidr_block": "10.127.51.208/28",
                            "id": "subnet-ca3af5bc",
                            "map_public_ip_on_launch": "false",
                            "tags.%": "5",
                            "tags.Name": "infra-brewprod-private-subnet",
                            "tags.Pipeline_phase": "infra-brewprod",
                            "tags.Region": "us-west-2",
                            "tags.SLA": "prod",
                            "vpc_id": "vpc-28cb654c"
                        },
                        "meta": {},
                        "tainted": false
                    },
                    "deposed": [],
                    "provider": ""
                },
                "aws_subnet.private.2": {
                    "type": "aws_subnet",
                    "depends_on": [
                        "aws_vpc.main"
                    ],
                    "primary": {
                        "id": "subnet-bfdfc1e6",
                        "attributes": {
                            "assign_ipv6_address_on_creation": "false",
                            "availability_zone": "us-west-2c",
                            "cidr_block": "10.127.51.224/28",
                            "id": "subnet-bfdfc1e6",
                            "map_public_ip_on_launch": "false",
                            "tags.%": "5",
                            "tags.Name": "infra-brewprod-private-subnet",
                            "tags.Pipeline_phase": "infra-brewprod",
                            "tags.Region": "us-west-2",
                            "tags.SLA": "prod",
                            "vpc_id": "vpc-28cb654c"
                        },
                        "meta": {},
                        "tainted": false
                    },
                    "deposed": [],
                    "provider": ""
                },
                "aws_subnet.public.0": {
                    "type": "aws_subnet",
                    "depends_on": [
                        "aws_vpc.main"
                    ],
                    "primary": {
                        "id": "subnet-df18b2bb",
                        "attributes": {
                            "assign_ipv6_address_on_creation": "false",
                            "availability_zone": "us-west-2a",
                            "cidr_block": "10.127.51.96/27",
                            "id": "subnet-df18b2bb",
                            "map_public_ip_on_launch": "false",
                            "tags.%": "5",
                            "tags.Name": "infra-brewprod-public-subnet",
                            "tags.Pipeline_phase": "infra-brewprod",
                            "tags.Region": "us-west-2",
                            "tags.SLA": "prod",
                            "vpc_id": "vpc-28cb654c"
                        },
                        "meta": {},
                        "tainted": false
                    },
                    "deposed": [],
                    "provider": ""
                },
                "aws_subnet.public.1": {
                    "type": "aws_subnet",
                    "depends_on": [
                        "aws_vpc.main"
                    ],
                    "primary": {
                        "id": "subnet-cb3af5bd",
                        "attributes": {
                            "assign_ipv6_address_on_creation": "false",
                            "availability_zone": "us-west-2b",
                            "cidr_block": "10.127.51.128/27",
                            "id": "subnet-cb3af5bd",
                            "map_public_ip_on_launch": "false",
                            "tags.%": "5",
                            "tags.Name": "infra-brewprod-public-subnet",
                            "tags.Pipeline_phase": "infra-brewprod",
                            "tags.Region": "us-west-2",
                            "tags.SLA": "prod",
                            "vpc_id": "vpc-28cb654c"
                        },
                        "meta": {},
                        "tainted": false
                    },
                    "deposed": [],
                    "provider": ""
                },
                "aws_subnet.public.2": {
                    "type": "aws_subnet",
                    "depends_on": [
                        "aws_vpc.main"
                    ],
                    "primary": {
                        "id": "subnet-bddfc1e4",
                        "attributes": {
                            "assign_ipv6_address_on_creation": "false",
                            "availability_zone": "us-west-2c",
                            "cidr_block": "10.127.51.160/27",
                            "id": "subnet-bddfc1e4",
                            "map_public_ip_on_launch": "false",
                            "tags.%": "5",
                            "tags.Name": "infra-brewprod-public-subnet",
                            "tags.Pipeline_phase": "infra-brewprod",
                            "tags.Region": "us-west-2",
                            "tags.SLA": "prod",
                            "vpc_id": "vpc-28cb654c"
                        },
                        "meta": {},
                        "tainted": false
                    },
                    "deposed": [],
                    "provider": ""
                },
                "aws_vpc.main": {
                    "type": "aws_vpc",
                    "depends_on": [],
                    "primary": {
                        "id": "vpc-28cb654c",
                        "attributes": {
                            "assign_generated_ipv6_cidr_block": "false",
                            "cidr_block": "10.127.51.0/24",
                            "default_network_acl_id": "acl-128b3376",
                            "default_route_table_id": "rtb-24ff6940",
                            "default_security_group_id": "sg-d43c3ab3",
                            "dhcp_options_id": "dopt-af134dca",
                            "enable_classiclink": "false",
                            "enable_dns_hostnames": "true",
                            "enable_dns_support": "true",
                            "id": "vpc-28cb654c",
                            "instance_tenancy": "default",
                            "main_route_table_id": "rtb-24ff6940",
                            "tags.%": "5",
                            "tags.Name": "infra-brewprod-vpc",
                            "tags.account_name": "jive-reco-brewprod",
                            "tags.pipeline_phase": "infra-brewprod",
                            "tags.region": "us-west-2",
                            "tags.sla": "prod"
                        },
                        "meta": {
                            "schema_version": "1"
                        },
                        "tainted": false
                    },
                    "deposed": [],
                    "provider": ""
                },
                "aws_vpn_gateway.vgw": {
                    "type": "aws_vpn_gateway",
                    "depends_on": [
                        "aws_vpc.main"
                    ],
                    "primary": {
                        "id": "vgw-24af763a",
                        "attributes": {
                            "availability_zone": "",
                            "id": "vgw-24af763a",
                            "tags.%": "7",
                            "tags.Name": "infra-brewprod-vgw",
                            "tags.account_name": "jive-reco-brewprod",
                            "tags.jive_service": "infrastructure",
                            "tags.pipeline_phase": "infra-brewprod",
                            "tags.region": "us-west-2",
                            "tags.service_component": "vpn_gateway",
                            "tags.sla": "prod",
                            "vpc_id": "vpc-28cb654c"
                        },
                        "meta": {},
                        "tainted": false
                    },
                    "deposed": [],
                    "provider": ""
                },
                "data.template_file.bastion_user_data": {
                    "type": "template_file",
                    "depends_on": [
                        "aws_network_interface.bastion"
                    ],
                    "primary": {
                        "id": "02659c952bdf43e8b3c3e170079897dafa233d14c8c85adecce9c8cc4a82eca5",
                        "attributes": {
                            "id": "02659c952bdf43e8b3c3e170079897dafa233d14c8c85adecce9c8cc4a82eca5",
                            "rendered": "#!/bin/bash\n\ndeclare -r instance_id=$(curl -s http://169.254.169.254/latest/meta-data/instance-id)\ndeclare -r bi=10.127.51.7\ndeclare -r bastion_gw=\"${bi%.*}.1\"\n\nfunction_prep() {\n    # Get pip for awscli\n    yum install -y epel-release\n    yum install -y python-pip\n    pip install awscli\n}\n\nfunction_eni() {\n    # Attached the ENI to the Bastion instance\n    /usr/bin/aws ec2 attach-network-interface   --region us-west-2 \\\n                                                --network-interface-id eni-8c8062f6 \\\n                                                --instance-id $instance_id \\\n                                                --device-index 1\n\n    # Give the ENI some time to get an IP and attach correctly\n    sleep 30\n}\n\nfunction_network() {\n    # Make eth1 the default route, set eth0 off, and set eth1 on, then restart the network\n    cat \u003c\u003cEOF \u003e /etc/sysconfig/network\nNETWORKING=yes\nNOZEROCONF=yes\nGATEWAY=$bastion_gw\nGATEWAYDEV=eth1\nEOF\n\n    cat \u003c\u003cEOF \u003e /etc/sysconfig/network-scripts/ifcfg-eth0\nDEVICE=\"eth0\"\nONBOOT=\"no\"\nEOF\n\n    cat \u003c\u003cEOF \u003e /etc/sysconfig/network-scripts/ifcfg-eth1\nDEVICE=eth1\nBOOTPROTO=static\nDHCPCLASS=\nIPADDR=10.127.51.7\nNETMASK=255.255.255.224\nONBOOT=yes\nEOF\n\n    systemctl restart network\n}\n\nfunction_nexus() {\n    # URL redirect fails without this entry\n    echo \"10.10.100.155 nexus-int.eng.jiveland.com\" \u003e\u003e /etc/hosts\n\n    # Script to download Ansible artifact from Nexus\n    cat \u003c\u003c'EOF' \u003e /tmp/get_nexus_artifact.sh\n#!/bin/bash\n# Argument = -h -v -i groupId:artifactId:version -c classifier -p packaging -r repository\n\n# Define Nexus Configuration\nNEXUS_BASE=nexus-int.eng.jiveland.com\nREST_PATH=/service/local\nART_REDIR=/artifact/maven/redirect\n\n# Read in Complete Set of Coordinates from the Command Line\nGROUP_ID=\nARTIFACT_ID=\nVERSION=\"LATEST\"\nCLASSIFIER=\"\"\nPACKAGING=tar.gz\nREPO=\"candidates\"\nVERBOSE=0\n\nwhile getopts \"hvi:c:p:\" OPTION\ndo\n     case $OPTION in\n         h)\n             usage\n             exit 1\n             ;;\n         i)\n\t     OIFS=$IFS\n             IFS=\":\"\n\t     GAV_COORD=( $OPTARG )\n\t     GROUP_ID=${GAV_COORD[0]}\n             ARTIFACT_ID=${GAV_COORD[1]}\n             VERSION=${GAV_COORD[2]}\n\t     IFS=$OIFS\n             ;;\n         c)\n             CLASSIFIER=$OPTARG\n             ;;\n         p)\n             PACKAGING=$OPTARG\n             ;;\n         v)\n             VERBOSE=1\n             ;;\n         ?)\n             usage\n             exit\n             ;;\n     esac\ndone\n\nif [[ -z $GROUP_ID ]] || [[ -z $ARTIFACT_ID ]] || [[ -z $VERSION ]]\nthen\n     echo \"BAD ARGUMENTS: Either groupId, artifactId, or version was not supplied\" \u003e\u00262\n     usage\n     exit 1\nfi\n\n# Construct the base URL\nREDIRECT_URL=${NEXUS_BASE}${REST_PATH}${ART_REDIR}\n\n# Generate the list of parameters\nPARAM_KEYS=( g a v r p c )\nPARAM_VALUES=( $GROUP_ID $ARTIFACT_ID $VERSION $REPO $PACKAGING $CLASSIFIER )\nPARAMS=\"\"\nfor index in ${!PARAM_KEYS[*]}\ndo\n  if [[ ${PARAM_VALUES[$index]} != \"\" ]]\n  then\n    PARAMS=\"${PARAMS}${PARAM_KEYS[$index]}=${PARAM_VALUES[$index]}\u0026\"\n  fi\ndone\n\nREDIRECT_URL=\"${REDIRECT_URL}?${PARAMS}\"\n\necho \"Fetching Artifact from $REDIRECT_URL...\" \u003e\u00262\ncurl -sS -L ${REDIRECT_URL}\nEOF\n    # Run script to download latest Ansible artifact and unpack\n    chmod +x /tmp/get_nexus_artifact.sh\n    /tmp/get_nexus_artifact.sh -i com.jivesoftware.techops:ansible-common:LATEST \u003e /tmp/ansible-common.tar.gz\n}\n\nfunction_ansible() {\n    # Need Sudo TTY\n    sed -i s/'Defaults    requiretty'/'#Defaults    requiretty'/ /etc/sudoers\n    # Disable SELINUX for SSSD\n    sed -i 's/^SELINUX=.*/SELINUX=disabled/' /etc/selinux/config\n    # Create Ansible working directories\n    mkdir -p /tmp/ansible-common\n    tar xf /tmp/ansible-common.tar.gz -C /tmp/ansible-common/\n    # Set Python to 2.6 and run Ansible locally\n    alternatives --set python /usr/bin/python2.6\n    yum install -y python-boto ansible\n\n    # Run Ansible\n    /tmp/ansible-common/bin/run_ansible.sh /tmp/ansible-common/playbook-bastion.yml -e region=us-west-2 --connection=local -i /tmp/ansible-common/inventory_ec2/ \u003e\u003e /tmp/ansible-common/ansible_debug.log\n\n    # Change permissions on Ansible artifact so that ansible deploy pipeline\n    # can overwrite them in the future\n    chown -R ansible:service-users /tmp/ansible-common /tmp/ansible-common.tar.gz\n}\n\nfunction_restart() {\n    # Need to restart for SELINUX change.\n    shutdown -r now\n}\n\n# Run the things\nfunction_prep\nfunction_eni\nfunction_network\nfunction_nexus\nfunction_ansible\nfunction_restart\n",
                            "template": "#!/bin/bash\n\ndeclare -r instance_id=$(curl -s http://169.254.169.254/latest/meta-data/instance-id)\ndeclare -r bi=${bastion_ip}\ndeclare -r bastion_gw=\"$${bi%.*}.1\"\n\nfunction_prep() {\n    # Get pip for awscli\n    yum install -y epel-release\n    yum install -y python-pip\n    pip install awscli\n}\n\nfunction_eni() {\n    # Attached the ENI to the Bastion instance\n    /usr/bin/aws ec2 attach-network-interface   --region ${region} \\\n                                                --network-interface-id ${eni} \\\n                                                --instance-id $instance_id \\\n                                                --device-index 1\n\n    # Give the ENI some time to get an IP and attach correctly\n    sleep 30\n}\n\nfunction_network() {\n    # Make eth1 the default route, set eth0 off, and set eth1 on, then restart the network\n    cat \u003c\u003cEOF \u003e /etc/sysconfig/network\nNETWORKING=yes\nNOZEROCONF=yes\nGATEWAY=$bastion_gw\nGATEWAYDEV=eth1\nEOF\n\n    cat \u003c\u003cEOF \u003e /etc/sysconfig/network-scripts/ifcfg-eth0\nDEVICE=\"eth0\"\nONBOOT=\"no\"\nEOF\n\n    cat \u003c\u003cEOF \u003e /etc/sysconfig/network-scripts/ifcfg-eth1\nDEVICE=eth1\nBOOTPROTO=static\nDHCPCLASS=\nIPADDR=${bastion_ip}\nNETMASK=255.255.255.224\nONBOOT=yes\nEOF\n\n    systemctl restart network\n}\n\nfunction_nexus() {\n    # URL redirect fails without this entry\n    echo \"10.10.100.155 nexus-int.eng.jiveland.com\" \u003e\u003e /etc/hosts\n\n    # Script to download Ansible artifact from Nexus\n    cat \u003c\u003c'EOF' \u003e /tmp/get_nexus_artifact.sh\n#!/bin/bash\n# Argument = -h -v -i groupId:artifactId:version -c classifier -p packaging -r repository\n\n# Define Nexus Configuration\nNEXUS_BASE=nexus-int.eng.jiveland.com\nREST_PATH=/service/local\nART_REDIR=/artifact/maven/redirect\n\n# Read in Complete Set of Coordinates from the Command Line\nGROUP_ID=\nARTIFACT_ID=\nVERSION=\"LATEST\"\nCLASSIFIER=\"\"\nPACKAGING=tar.gz\nREPO=\"candidates\"\nVERBOSE=0\n\nwhile getopts \"hvi:c:p:\" OPTION\ndo\n     case $OPTION in\n         h)\n             usage\n             exit 1\n             ;;\n         i)\n\t     OIFS=$IFS\n             IFS=\":\"\n\t     GAV_COORD=( $OPTARG )\n\t     GROUP_ID=$${GAV_COORD[0]}\n             ARTIFACT_ID=$${GAV_COORD[1]}\n             VERSION=$${GAV_COORD[2]}\n\t     IFS=$OIFS\n             ;;\n         c)\n             CLASSIFIER=$OPTARG\n             ;;\n         p)\n             PACKAGING=$OPTARG\n             ;;\n         v)\n             VERBOSE=1\n             ;;\n         ?)\n             usage\n             exit\n             ;;\n     esac\ndone\n\nif [[ -z $GROUP_ID ]] || [[ -z $ARTIFACT_ID ]] || [[ -z $VERSION ]]\nthen\n     echo \"BAD ARGUMENTS: Either groupId, artifactId, or version was not supplied\" \u003e\u00262\n     usage\n     exit 1\nfi\n\n# Construct the base URL\nREDIRECT_URL=$${NEXUS_BASE}$${REST_PATH}$${ART_REDIR}\n\n# Generate the list of parameters\nPARAM_KEYS=( g a v r p c )\nPARAM_VALUES=( $GROUP_ID $ARTIFACT_ID $VERSION $REPO $PACKAGING $CLASSIFIER )\nPARAMS=\"\"\nfor index in $${!PARAM_KEYS[*]}\ndo\n  if [[ $${PARAM_VALUES[$index]} != \"\" ]]\n  then\n    PARAMS=\"$${PARAMS}$${PARAM_KEYS[$index]}=$${PARAM_VALUES[$index]}\u0026\"\n  fi\ndone\n\nREDIRECT_URL=\"$${REDIRECT_URL}?$${PARAMS}\"\n\necho \"Fetching Artifact from $REDIRECT_URL...\" \u003e\u00262\ncurl -sS -L $${REDIRECT_URL}\nEOF\n    # Run script to download latest Ansible artifact and unpack\n    chmod +x /tmp/get_nexus_artifact.sh\n    /tmp/get_nexus_artifact.sh -i com.jivesoftware.techops:ansible-common:LATEST \u003e /tmp/ansible-common.tar.gz\n}\n\nfunction_ansible() {\n    # Need Sudo TTY\n    sed -i s/'Defaults    requiretty'/'#Defaults    requiretty'/ /etc/sudoers\n    # Disable SELINUX for SSSD\n    sed -i 's/^SELINUX=.*/SELINUX=disabled/' /etc/selinux/config\n    # Create Ansible working directories\n    mkdir -p /tmp/ansible-common\n    tar xf /tmp/ansible-common.tar.gz -C /tmp/ansible-common/\n    # Set Python to 2.6 and run Ansible locally\n    alternatives --set python /usr/bin/python2.6\n    yum install -y python-boto ansible\n\n    # Run Ansible\n    /tmp/ansible-common/bin/run_ansible.sh /tmp/ansible-common/playbook-bastion.yml -e region=${region} --connection=local -i /tmp/ansible-common/inventory_ec2/ \u003e\u003e /tmp/ansible-common/ansible_debug.log\n\n    # Change permissions on Ansible artifact so that ansible deploy pipeline\n    # can overwrite them in the future\n    chown -R ansible:service-users /tmp/ansible-common /tmp/ansible-common.tar.gz\n}\n\nfunction_restart() {\n    # Need to restart for SELINUX change.\n    shutdown -r now\n}\n\n# Run the things\nfunction_prep\nfunction_eni\nfunction_network\nfunction_nexus\nfunction_ansible\nfunction_restart\n",
                            "vars.%": "5",
                            "vars.account_name": "jive-reco-brewprod",
                            "vars.bastion_ip": "10.127.51.7",
                            "vars.eni": "eni-8c8062f6",
                            "vars.pipeline_phase": "infra-brewprod",
                            "vars.region": "us-west-2"
                        },
                        "meta": {},
                        "tainted": false
                    },
                    "deposed": [],
                    "provider": ""
                }
            },
            "depends_on": []
        }
    ]
}
