{
    "version": 3,
    "terraform_version": "0.7.13",
    "serial": 0,
    "lineage": "ae2e22da-c223-40d9-abb3-ee74e791934c",
    "modules": [
        {
            "path": [
                "root"
            ],
            "outputs": {},
            "resources": {
                "aws_db_parameter_group.default": {
                    "type": "aws_db_parameter_group",
                    "depends_on": [],
                    "primary": {
                        "id": "rds-postgres-email-param",
                        "attributes": {
                            "arn": "arn:aws:rds:us-west-2:663559125979:pg:rds-postgres-email-param",
                            "description": "Managed by Terraform",
                            "family": "postgres9.5",
                            "id": "rds-postgres-email-param",
                            "name": "rds-postgres-email-param",
                            "parameter.#": "0",
                            "tags.%": "0"
                        },
                        "meta": {},
                        "tainted": false
                    },
                    "deposed": [],
                    "provider": ""
                },
                "aws_db_subnet_group.postgres": {
                    "type": "aws_db_subnet_group",
                    "depends_on": [],
                    "primary": {
                        "id": "soa-pg-email-ms-prod-group",
                        "attributes": {
                            "arn": "arn:aws:rds:us-west-2:663559125979:subgrp:soa-pg-email-ms-prod-group",
                            "description": "Managed by Horizon",
                            "id": "soa-pg-email-ms-prod-group",
                            "name": "soa-pg-email-ms-prod-group",
                            "subnet_ids.#": "3",
                            "subnet_ids.2744802398": "subnet-0596a361",
                            "subnet_ids.2963790960": "subnet-6a75f632",
                            "subnet_ids.3673496457": "subnet-4e6c2038",
                            "tags.%": "7",
                            "tags.Name": "prod-email",
                            "tags.account_name": "jive-microservices-prod",
                            "tags.jive_service": "identity",
                            "tags.pipeline_phase": "prod",
                            "tags.region": "us-west-2",
                            "tags.service_component": "identity-postgres",
                            "tags.sla": "prod"
                        },
                        "meta": {},
                        "tainted": false
                    },
                    "deposed": [],
                    "provider": ""
                },
                "aws_security_group.postgres": {
                    "type": "aws_security_group",
                    "depends_on": [],
                    "primary": {
                        "id": "sg-fbc34f83",
                        "attributes": {
                            "description": "Postgres DB access.",
                            "egress.#": "0",
                            "id": "sg-fbc34f83",
                            "ingress.#": "1",
                            "ingress.761371496.cidr_blocks.#": "1",
                            "ingress.761371496.cidr_blocks.0": "0.0.0.0/0",
                            "ingress.761371496.from_port": "5432",
                            "ingress.761371496.protocol": "tcp",
                            "ingress.761371496.security_groups.#": "0",
                            "ingress.761371496.self": "false",
                            "ingress.761371496.to_port": "5432",
                            "name": "ms-prod-postgres-email",
                            "owner_id": "663559125979",
                            "tags.%": "7",
                            "tags.Name": "ms-prod-emails_data",
                            "tags.account_name": "jive-microservices-prod",
                            "tags.jive_service": "identity",
                            "tags.pipeline_phase": "prod",
                            "tags.region": "us-west-2",
                            "tags.service_component": "identity-postgres-email",
                            "tags.sla": "prod",
                            "vpc_id": "vpc-ddd0d3b9"
                        },
                        "meta": {},
                        "tainted": false
                    },
                    "deposed": [],
                    "provider": ""
                }
            },
            "depends_on": []
        }
    ]
}
