{
    "version": 3,
    "terraform_version": "0.9.2",
    "serial": 12,
    "lineage": "50c2dc89-9e4b-43a0-8092-f40f05567d0c",
    "modules": [
        {
            "path": [
                "root"
            ],
            "outputs": {},
            "resources": {
                "aws_eip.natgw.0": {
                    "type": "aws_eip",
                    "depends_on": [],
                    "primary": {
                        "id": "eipalloc-a1850ac8",
                        "attributes": {
                            "association_id": "eipassoc-6b651b03",
                            "domain": "vpc",
                            "id": "eipalloc-a1850ac8",
                            "instance": "",
                            "network_interface": "eni-a673b2cb",
                            "private_ip": "10.114.28.108",
                            "public_ip": "52.57.1.55",
                            "vpc": "true"
                        },
                        "meta": {},
                        "tainted": false
                    },
                    "deposed": [],
                    "provider": ""
                },
                "aws_eip.natgw.1": {
                    "type": "aws_eip",
                    "depends_on": [],
                    "primary": {
                        "id": "eipalloc-6e287707",
                        "attributes": {
                            "association_id": "",
                            "domain": "vpc",
                            "id": "eipalloc-6e287707",
                            "instance": "",
                            "network_interface": "",
                            "private_ip": "",
                            "public_ip": "52.28.97.133",
                            "vpc": "true"
                        },
                        "meta": {},
                        "tainted": false
                    },
                    "deposed": [],
                    "provider": ""
                },
                "aws_internet_gateway.igw": {
                    "type": "aws_internet_gateway",
                    "depends_on": [
                        "aws_vpc.main"
                    ],
                    "primary": {
                        "id": "igw-1992ec70",
                        "attributes": {
                            "id": "igw-1992ec70",
                            "tags.%": "5",
                            "tags.Name": "pipeline-igw",
                            "tags.account_name": "jive-infra-pipeline",
                            "tags.pipeline_phase": "pipeline",
                            "tags.region": "eu-central-1",
                            "tags.sla": "non-prod",
                            "vpc_id": "vpc-a4c32fcc"
                        },
                        "meta": {},
                        "tainted": false
                    },
                    "deposed": [],
                    "provider": ""
                },
                "aws_nat_gateway.natgw.0": {
                    "type": "aws_nat_gateway",
                    "depends_on": [
                        "aws_eip.natgw.*",
                        "aws_internet_gateway.igw",
                        "aws_subnet.public.*"
                    ],
                    "primary": {
                        "id": "nat-01436cf015cf71784",
                        "attributes": {
                            "allocation_id": "eipalloc-a1850ac8",
                            "id": "nat-01436cf015cf71784",
                            "network_interface_id": "eni-ff6d0390",
                            "private_ip": "10.114.28.99",
                            "public_ip": "52.57.1.55",
                            "subnet_id": "subnet-fe3f9e96"
                        },
                        "meta": {},
                        "tainted": false
                    },
                    "deposed": [],
                    "provider": ""
                },
                "aws_nat_gateway.natgw.1": {
                    "type": "aws_nat_gateway",
                    "depends_on": [
                        "aws_eip.natgw.*",
                        "aws_internet_gateway.igw",
                        "aws_subnet.public.*"
                    ],
                    "primary": {
                        "id": "nat-090f8d60deeef24f7",
                        "attributes": {
                            "allocation_id": "eipalloc-6e287707",
                            "id": "nat-090f8d60deeef24f7",
                            "network_interface_id": "eni-7701e106",
                            "private_ip": "10.114.28.174",
                            "public_ip": "52.28.97.133",
                            "subnet_id": "subnet-d742b5ad"
                        },
                        "meta": {},
                        "tainted": false
                    },
                    "deposed": [],
                    "provider": ""
                },
                "aws_route.infra_natdc.0": {
                    "type": "aws_route",
                    "depends_on": [
                        "aws_vpc_peering_connection.infra"
                    ],
                    "primary": {
                        "id": "r-rtb-bb8b46d31253761854",
                        "attributes": {
                            "destination_cidr_block": "10.114.16.0/20",
                            "destination_prefix_list_id": "",
                            "egress_only_gateway_id": "",
                            "gateway_id": "",
                            "id": "r-rtb-bb8b46d31253761854",
                            "instance_id": "",
                            "instance_owner_id": "",
                            "nat_gateway_id": "",
                            "network_interface_id": "",
                            "origin": "CreateRoute",
                            "route_table_id": "rtb-bb8b46d3",
                            "state": "active",
                            "vpc_peering_connection_id": "pcx-3deb3654"
                        },
                        "meta": {},
                        "tainted": false
                    },
                    "deposed": [],
                    "provider": ""
                },
                "aws_route.infra_natdc.1": {
                    "type": "aws_route",
                    "depends_on": [
                        "aws_vpc_peering_connection.infra"
                    ],
                    "primary": {
                        "id": "r-rtb-92e99bfa1253761854",
                        "attributes": {
                            "destination_cidr_block": "10.114.16.0/20",
                            "destination_prefix_list_id": "",
                            "egress_only_gateway_id": "",
                            "gateway_id": "",
                            "id": "r-rtb-92e99bfa1253761854",
                            "instance_id": "",
                            "instance_owner_id": "",
                            "nat_gateway_id": "",
                            "network_interface_id": "",
                            "origin": "CreateRoute",
                            "route_table_id": "rtb-92e99bfa",
                            "state": "active",
                            "vpc_peering_connection_id": "pcx-3deb3654"
                        },
                        "meta": {},
                        "tainted": false
                    },
                    "deposed": [],
                    "provider": ""
                },
                "aws_route.infra_private": {
                    "type": "aws_route",
                    "depends_on": [
                        "aws_vpc_peering_connection.infra"
                    ],
                    "primary": {
                        "id": "r-rtb-ed8b46851253761854",
                        "attributes": {
                            "destination_cidr_block": "10.114.16.0/20",
                            "destination_prefix_list_id": "",
                            "egress_only_gateway_id": "",
                            "gateway_id": "",
                            "id": "r-rtb-ed8b46851253761854",
                            "instance_id": "",
                            "instance_owner_id": "",
                            "nat_gateway_id": "",
                            "network_interface_id": "",
                            "origin": "CreateRoute",
                            "route_table_id": "rtb-ed8b4685",
                            "state": "active",
                            "vpc_peering_connection_id": "pcx-3deb3654"
                        },
                        "meta": {},
                        "tainted": false
                    },
                    "deposed": [],
                    "provider": ""
                },
                "aws_route.infra_public": {
                    "type": "aws_route",
                    "depends_on": [
                        "aws_vpc_peering_connection.infra"
                    ],
                    "primary": {
                        "id": "r-rtb-e28b468a1253761854",
                        "attributes": {
                            "destination_cidr_block": "10.114.16.0/20",
                            "destination_prefix_list_id": "",
                            "egress_only_gateway_id": "",
                            "gateway_id": "",
                            "id": "r-rtb-e28b468a1253761854",
                            "instance_id": "",
                            "instance_owner_id": "",
                            "nat_gateway_id": "",
                            "network_interface_id": "",
                            "origin": "CreateRoute",
                            "route_table_id": "rtb-e28b468a",
                            "state": "active",
                            "vpc_peering_connection_id": "pcx-3deb3654"
                        },
                        "meta": {},
                        "tainted": false
                    },
                    "deposed": [],
                    "provider": ""
                },
                "aws_route53_zone_association.route53": {
                    "type": "aws_route53_zone_association",
                    "depends_on": [
                        "aws_vpc.main"
                    ],
                    "primary": {
                        "id": "Z3EI1CWJSFIPAM:vpc-a4c32fcc",
                        "attributes": {
                            "id": "Z3EI1CWJSFIPAM:vpc-a4c32fcc",
                            "vpc_id": "vpc-a4c32fcc",
                            "vpc_region": "eu-central-1",
                            "zone_id": "Z3EI1CWJSFIPAM"
                        },
                        "meta": {},
                        "tainted": false
                    },
                    "deposed": [],
                    "provider": ""
                },
                "aws_route_table.natdc.0": {
                    "type": "aws_route_table",
                    "depends_on": [
                        "aws_nat_gateway.natgw.*",
                        "aws_vpc.main",
                        "aws_vpc_peering_connection.infra",
                        "aws_vpn_gateway.vgw"
                    ],
                    "primary": {
                        "id": "rtb-609d5008",
                        "attributes": {
                            "id": "rtb-609d5008",
                            "propagating_vgws.#": "1",
                            "propagating_vgws.3509058690": "vgw-0ce06f3c",
                            "route.#": "2",
                            "route.1252387266.cidr_block": "0.0.0.0/0",
                            "route.1252387266.egress_only_gateway_id": "",
                            "route.1252387266.gateway_id": "",
                            "route.1252387266.instance_id": "",
                            "route.1252387266.ipv6_cidr_block": "",
                            "route.1252387266.nat_gateway_id": "nat-01436cf015cf71784",
                            "route.1252387266.network_interface_id": "",
                            "route.1252387266.vpc_peering_connection_id": "",
                            "route.2988447111.cidr_block": "10.127.64.7/32",
                            "route.2988447111.egress_only_gateway_id": "",
                            "route.2988447111.gateway_id": "",
                            "route.2988447111.instance_id": "",
                            "route.2988447111.ipv6_cidr_block": "",
                            "route.2988447111.nat_gateway_id": "",
                            "route.2988447111.network_interface_id": "",
                            "route.2988447111.vpc_peering_connection_id": "pcx-3deb3654",
                            "tags.%": "5",
                            "tags.Name": "pipeline-natdc-routetable",
                            "tags.account_name": "jive-infra-pipeline",
                            "tags.pipeline_phase": "pipeline",
                            "tags.region": "eu-central-1",
                            "tags.sla": "non-prod",
                            "vpc_id": "vpc-a4c32fcc"
                        },
                        "meta": {},
                        "tainted": false
                    },
                    "deposed": [],
                    "provider": ""
                },
                "aws_route_table.natdc.1": {
                    "type": "aws_route_table",
                    "depends_on": [
                        "aws_nat_gateway.natgw.*",
                        "aws_vpc.main",
                        "aws_vpc_peering_connection.infra",
                        "aws_vpn_gateway.vgw"
                    ],
                    "primary": {
                        "id": "rtb-bb7620d3",
                        "attributes": {
                            "id": "rtb-bb7620d3",
                            "propagating_vgws.#": "1",
                            "propagating_vgws.3509058690": "vgw-0ce06f3c",
                            "route.#": "2",
                            "route.2988447111.cidr_block": "10.127.64.7/32",
                            "route.2988447111.egress_only_gateway_id": "",
                            "route.2988447111.gateway_id": "",
                            "route.2988447111.instance_id": "",
                            "route.2988447111.ipv6_cidr_block": "",
                            "route.2988447111.nat_gateway_id": "",
                            "route.2988447111.network_interface_id": "",
                            "route.2988447111.vpc_peering_connection_id": "pcx-3deb3654",
                            "route.957282557.cidr_block": "0.0.0.0/0",
                            "route.957282557.egress_only_gateway_id": "",
                            "route.957282557.gateway_id": "",
                            "route.957282557.instance_id": "",
                            "route.957282557.ipv6_cidr_block": "",
                            "route.957282557.nat_gateway_id": "nat-090f8d60deeef24f7",
                            "route.957282557.network_interface_id": "",
                            "route.957282557.vpc_peering_connection_id": "",
                            "tags.%": "5",
                            "tags.Name": "pipeline-natdc-routetable",
                            "tags.account_name": "jive-infra-pipeline",
                            "tags.pipeline_phase": "pipeline",
                            "tags.region": "eu-central-1",
                            "tags.sla": "non-prod",
                            "vpc_id": "vpc-a4c32fcc"
                        },
                        "meta": {},
                        "tainted": false
                    },
                    "deposed": [],
                    "provider": ""
                },
                "aws_route_table.private": {
                    "type": "aws_route_table",
                    "depends_on": [
                        "aws_vpc.main",
                        "aws_vpc_peering_connection.infra"
                    ],
                    "primary": {
                        "id": "rtb-b6824fde",
                        "attributes": {
                            "id": "rtb-b6824fde",
                            "propagating_vgws.#": "0",
                            "route.#": "1",
                            "route.2988447111.cidr_block": "10.127.64.7/32",
                            "route.2988447111.egress_only_gateway_id": "",
                            "route.2988447111.gateway_id": "",
                            "route.2988447111.instance_id": "",
                            "route.2988447111.ipv6_cidr_block": "",
                            "route.2988447111.nat_gateway_id": "",
                            "route.2988447111.network_interface_id": "",
                            "route.2988447111.vpc_peering_connection_id": "pcx-3deb3654",
                            "tags.%": "5",
                            "tags.Name": "pipeline-private-routetable",
                            "tags.account_name": "jive-infra-pipeline",
                            "tags.pipeline_phase": "pipeline",
                            "tags.region": "eu-central-1",
                            "tags.sla": "non-prod",
                            "vpc_id": "vpc-a4c32fcc"
                        },
                        "meta": {},
                        "tainted": false
                    },
                    "deposed": [],
                    "provider": ""
                },
                "aws_route_table.public": {
                    "type": "aws_route_table",
                    "depends_on": [
                        "aws_internet_gateway.igw",
                        "aws_vpc.main",
                        "aws_vpc_peering_connection.infra"
                    ],
                    "primary": {
                        "id": "rtb-b5824fdd",
                        "attributes": {
                            "id": "rtb-b5824fdd",
                            "propagating_vgws.#": "0",
                            "route.#": "2",
                            "route.2699630052.cidr_block": "0.0.0.0/0",
                            "route.2699630052.egress_only_gateway_id": "",
                            "route.2699630052.gateway_id": "igw-1992ec70",
                            "route.2699630052.instance_id": "",
                            "route.2699630052.ipv6_cidr_block": "",
                            "route.2699630052.nat_gateway_id": "",
                            "route.2699630052.network_interface_id": "",
                            "route.2699630052.vpc_peering_connection_id": "",
                            "route.2988447111.cidr_block": "10.127.64.7/32",
                            "route.2988447111.egress_only_gateway_id": "",
                            "route.2988447111.gateway_id": "",
                            "route.2988447111.instance_id": "",
                            "route.2988447111.ipv6_cidr_block": "",
                            "route.2988447111.nat_gateway_id": "",
                            "route.2988447111.network_interface_id": "",
                            "route.2988447111.vpc_peering_connection_id": "pcx-3deb3654",
                            "tags.%": "6",
                            "tags.KubernetesCluster": "eu-central-1_jive-infra-pipeline",
                            "tags.Name": "pipeline-public-routetable",
                            "tags.account_name": "jive-infra-pipeline",
                            "tags.pipeline_phase": "pipeline",
                            "tags.region": "eu-central-1",
                            "tags.sla": "non-prod",
                            "vpc_id": "vpc-a4c32fcc"
                        },
                        "meta": {},
                        "tainted": false
                    },
                    "deposed": [],
                    "provider": ""
                },
                "aws_route_table_association.natdc.0": {
                    "type": "aws_route_table_association",
                    "depends_on": [
                        "aws_route_table.natdc.*",
                        "aws_subnet.natdc.*"
                    ],
                    "primary": {
                        "id": "rtbassoc-bde728d6",
                        "attributes": {
                            "id": "rtbassoc-bde728d6",
                            "route_table_id": "rtb-609d5008",
                            "subnet_id": "subnet-f23f9e9a"
                        },
                        "meta": {},
                        "tainted": false
                    },
                    "deposed": [],
                    "provider": ""
                },
                "aws_route_table_association.natdc.1": {
                    "type": "aws_route_table_association",
                    "depends_on": [
                        "aws_route_table.natdc.*",
                        "aws_subnet.natdc.*"
                    ],
                    "primary": {
                        "id": "rtbassoc-a1e629ca",
                        "attributes": {
                            "id": "rtbassoc-a1e629ca",
                            "route_table_id": "rtb-bb7620d3",
                            "subnet_id": "subnet-d142b5ab"
                        },
                        "meta": {},
                        "tainted": false
                    },
                    "deposed": [],
                    "provider": ""
                },
                "aws_route_table_association.private.0": {
                    "type": "aws_route_table_association",
                    "depends_on": [
                        "aws_route_table.private",
                        "aws_subnet.private"
                    ],
                    "primary": {
                        "id": "rtbassoc-f1108999",
                        "attributes": {
                            "id": "rtbassoc-f1108999",
                            "route_table_id": "rtb-b6824fde",
                            "subnet_id": "subnet-ff3f9e97"
                        },
                        "meta": {},
                        "tainted": false
                    },
                    "deposed": [],
                    "provider": ""
                },
                "aws_route_table_association.private.1": {
                    "type": "aws_route_table_association",
                    "depends_on": [
                        "aws_route_table.private",
                        "aws_subnet.private"
                    ],
                    "primary": {
                        "id": "rtbassoc-f0108998",
                        "attributes": {
                            "id": "rtbassoc-f0108998",
                            "route_table_id": "rtb-b6824fde",
                            "subnet_id": "subnet-d642b5ac"
                        },
                        "meta": {},
                        "tainted": false
                    },
                    "deposed": [],
                    "provider": ""
                },
                "aws_route_table_association.public.0": {
                    "type": "aws_route_table_association",
                    "depends_on": [
                        "aws_route_table.public",
                        "aws_subnet.public"
                    ],
                    "primary": {
                        "id": "rtbassoc-f310899b",
                        "attributes": {
                            "id": "rtbassoc-f310899b",
                            "route_table_id": "rtb-b5824fdd",
                            "subnet_id": "subnet-fe3f9e96"
                        },
                        "meta": {},
                        "tainted": false
                    },
                    "deposed": [],
                    "provider": ""
                },
                "aws_route_table_association.public.1": {
                    "type": "aws_route_table_association",
                    "depends_on": [
                        "aws_route_table.public",
                        "aws_subnet.public"
                    ],
                    "primary": {
                        "id": "rtbassoc-f210899a",
                        "attributes": {
                            "id": "rtbassoc-f210899a",
                            "route_table_id": "rtb-b5824fdd",
                            "subnet_id": "subnet-d742b5ad"
                        },
                        "meta": {},
                        "tainted": false
                    },
                    "deposed": [],
                    "provider": ""
                },
                "aws_security_group.admin_instance": {
                    "type": "aws_security_group",
                    "depends_on": [
                        "aws_vpc.main"
                    ],
                    "primary": {
                        "id": "sg-97fe8dff",
                        "attributes": {
                            "description": "Admin instances for the VPC",
                            "egress.#": "0",
                            "id": "sg-97fe8dff",
                            "ingress.#": "0",
                            "name": "pipeline-admin-instance",
                            "owner_id": "517449413234",
                            "tags.%": "5",
                            "tags.Name": "pipeline-admin-instance",
                            "tags.account_name": "jive-infra-pipeline",
                            "tags.pipeline_phase": "pipeline",
                            "tags.region": "eu-central-1",
                            "tags.sla": "non-prod",
                            "vpc_id": "vpc-a4c32fcc"
                        },
                        "meta": {},
                        "tainted": false
                    },
                    "deposed": [],
                    "provider": ""
                },
                "aws_security_group.env_instance": {
                    "type": "aws_security_group",
                    "depends_on": [
                        "aws_security_group.admin_instance",
                        "aws_vpc.main"
                    ],
                    "primary": {
                        "id": "sg-6dfd8e05",
                        "attributes": {
                            "description": "All instances within the evironment",
                            "egress.#": "1",
                            "egress.482069346.cidr_blocks.#": "1",
                            "egress.482069346.cidr_blocks.0": "0.0.0.0/0",
                            "egress.482069346.from_port": "0",
                            "egress.482069346.ipv6_cidr_blocks.#": "0",
                            "egress.482069346.prefix_list_ids.#": "0",
                            "egress.482069346.protocol": "-1",
                            "egress.482069346.security_groups.#": "0",
                            "egress.482069346.self": "false",
                            "egress.482069346.to_port": "0",
                            "id": "sg-6dfd8e05",
                            "ingress.#": "4",
                            "ingress.179083333.cidr_blocks.#": "1",
                            "ingress.179083333.cidr_blocks.0": "10.0.0.0/8",
                            "ingress.179083333.from_port": "22",
                            "ingress.179083333.ipv6_cidr_blocks.#": "0",
                            "ingress.179083333.protocol": "tcp",
                            "ingress.179083333.security_groups.#": "0",
                            "ingress.179083333.self": "false",
                            "ingress.179083333.to_port": "22",
                            "ingress.2851640551.cidr_blocks.#": "0",
                            "ingress.2851640551.from_port": "8",
                            "ingress.2851640551.ipv6_cidr_blocks.#": "0",
                            "ingress.2851640551.protocol": "icmp",
                            "ingress.2851640551.security_groups.#": "1",
                            "ingress.2851640551.security_groups.3654058989": "sg-97fe8dff",
                            "ingress.2851640551.self": "false",
                            "ingress.2851640551.to_port": "0",
                            "ingress.3280021429.cidr_blocks.#": "1",
                            "ingress.3280021429.cidr_blocks.0": "10.0.0.0/8",
                            "ingress.3280021429.from_port": "8",
                            "ingress.3280021429.ipv6_cidr_blocks.#": "0",
                            "ingress.3280021429.protocol": "icmp",
                            "ingress.3280021429.security_groups.#": "0",
                            "ingress.3280021429.self": "false",
                            "ingress.3280021429.to_port": "0",
                            "ingress.344738628.cidr_blocks.#": "0",
                            "ingress.344738628.from_port": "22",
                            "ingress.344738628.ipv6_cidr_blocks.#": "0",
                            "ingress.344738628.protocol": "tcp",
                            "ingress.344738628.security_groups.#": "1",
                            "ingress.344738628.security_groups.3654058989": "sg-97fe8dff",
                            "ingress.344738628.self": "false",
                            "ingress.344738628.to_port": "22",
                            "name": "pipeline-instance",
                            "owner_id": "517449413234",
                            "tags.%": "5",
                            "tags.Name": "pipeline-instance",
                            "tags.account_name": "jive-infra-pipeline",
                            "tags.pipeline_phase": "pipeline",
                            "tags.region": "eu-central-1",
                            "tags.sla": "non-prod",
                            "vpc_id": "vpc-a4c32fcc"
                        },
                        "meta": {},
                        "tainted": false
                    },
                    "deposed": [],
                    "provider": ""
                },
                "aws_security_group.natgw_instance": {
                    "type": "aws_security_group",
                    "depends_on": [
                        "aws_security_group.env_instance",
                        "aws_vpc.main"
                    ],
                    "primary": {
                        "id": "sg-6ffd8e07",
                        "attributes": {
                            "description": "Members of this SG are allowed to send any type of traffic to the NAT Box.",
                            "egress.#": "0",
                            "id": "sg-6ffd8e07",
                            "ingress.#": "1",
                            "ingress.3649053219.cidr_blocks.#": "0",
                            "ingress.3649053219.from_port": "0",
                            "ingress.3649053219.ipv6_cidr_blocks.#": "0",
                            "ingress.3649053219.protocol": "-1",
                            "ingress.3649053219.security_groups.#": "1",
                            "ingress.3649053219.security_groups.821091184": "sg-6dfd8e05",
                            "ingress.3649053219.self": "false",
                            "ingress.3649053219.to_port": "0",
                            "name": "pipeline-natgw-instance",
                            "owner_id": "517449413234",
                            "tags.%": "5",
                            "tags.Name": "pipeline-natgw-instance",
                            "tags.account_name": "jive-infra-pipeline",
                            "tags.pipeline_phase": "pipeline",
                            "tags.region": "eu-central-1",
                            "tags.sla": "non-prod",
                            "vpc_id": "vpc-a4c32fcc"
                        },
                        "meta": {},
                        "tainted": false
                    },
                    "deposed": [],
                    "provider": ""
                },
                "aws_subnet.natdc.0": {
                    "type": "aws_subnet",
                    "depends_on": [
                        "aws_vpc.main"
                    ],
                    "primary": {
                        "id": "subnet-f23f9e9a",
                        "attributes": {
                            "assign_ipv6_address_on_creation": "false",
                            "availability_zone": "eu-central-1a",
                            "cidr_block": "10.114.16.0/22",
                            "id": "subnet-f23f9e9a",
                            "map_public_ip_on_launch": "false",
                            "tags.%": "7",
                            "tags.KubernetesCluster": "eu-central-1_jive-infra-pipeline",
                            "tags.Name": "pipeline-natdc-subnet",
                            "tags.account_name": "jive-infra-pipeline",
                            "tags.kubernetes.io/role/internal-elb": "eu-central-1_jive-infra-pipeline",
                            "tags.pipeline_phase": "pipeline",
                            "tags.region": "eu-central-1",
                            "tags.sla": "non-prod",
                            "vpc_id": "vpc-a4c32fcc"
                        },
                        "meta": {},
                        "tainted": false
                    },
                    "deposed": [],
                    "provider": ""
                },
                "aws_subnet.natdc.1": {
                    "type": "aws_subnet",
                    "depends_on": [
                        "aws_vpc.main"
                    ],
                    "primary": {
                        "id": "subnet-d142b5ab",
                        "attributes": {
                            "assign_ipv6_address_on_creation": "false",
                            "availability_zone": "eu-central-1b",
                            "cidr_block": "10.114.20.0/22",
                            "id": "subnet-d142b5ab",
                            "map_public_ip_on_launch": "false",
                            "tags.%": "7",
                            "tags.KubernetesCluster": "eu-central-1_jive-infra-pipeline",
                            "tags.Name": "pipeline-natdc-subnet",
                            "tags.account_name": "jive-infra-pipeline",
                            "tags.kubernetes.io/role/internal-elb": "eu-central-1_jive-infra-pipeline",
                            "tags.pipeline_phase": "pipeline",
                            "tags.region": "eu-central-1",
                            "tags.sla": "non-prod",
                            "vpc_id": "vpc-a4c32fcc"
                        },
                        "meta": {},
                        "tainted": false
                    },
                    "deposed": [],
                    "provider": ""
                },
                "aws_subnet.private.0": {
                    "type": "aws_subnet",
                    "depends_on": [
                        "aws_vpc.main"
                    ],
                    "primary": {
                        "id": "subnet-ff3f9e97",
                        "attributes": {
                            "assign_ipv6_address_on_creation": "false",
                            "availability_zone": "eu-central-1a",
                            "cidr_block": "10.114.29.128/25",
                            "id": "subnet-ff3f9e97",
                            "map_public_ip_on_launch": "false",
                            "tags.%": "5",
                            "tags.Name": "pipeline-private-subnet",
                            "tags.account_name": "jive-infra-pipeline",
                            "tags.pipeline_phase": "pipeline",
                            "tags.region": "eu-central-1",
                            "tags.sla": "non-prod",
                            "vpc_id": "vpc-a4c32fcc"
                        },
                        "meta": {},
                        "tainted": false
                    },
                    "deposed": [],
                    "provider": ""
                },
                "aws_subnet.private.1": {
                    "type": "aws_subnet",
                    "depends_on": [
                        "aws_vpc.main"
                    ],
                    "primary": {
                        "id": "subnet-d642b5ac",
                        "attributes": {
                            "assign_ipv6_address_on_creation": "false",
                            "availability_zone": "eu-central-1b",
                            "cidr_block": "10.114.30.0/25",
                            "id": "subnet-d642b5ac",
                            "map_public_ip_on_launch": "false",
                            "tags.%": "5",
                            "tags.Name": "pipeline-private-subnet",
                            "tags.account_name": "jive-infra-pipeline",
                            "tags.pipeline_phase": "pipeline",
                            "tags.region": "eu-central-1",
                            "tags.sla": "non-prod",
                            "vpc_id": "vpc-a4c32fcc"
                        },
                        "meta": {},
                        "tainted": false
                    },
                    "deposed": [],
                    "provider": ""
                },
                "aws_subnet.public.0": {
                    "type": "aws_subnet",
                    "depends_on": [
                        "aws_vpc.main"
                    ],
                    "primary": {
                        "id": "subnet-fe3f9e96",
                        "attributes": {
                            "assign_ipv6_address_on_creation": "false",
                            "availability_zone": "eu-central-1a",
                            "cidr_block": "10.114.28.0/25",
                            "id": "subnet-fe3f9e96",
                            "map_public_ip_on_launch": "false",
                            "tags.%": "6",
                            "tags.KubernetesCluster": "eu-central-1_jive-infra-pipeline",
                            "tags.Name": "pipeline-public-subnet",
                            "tags.account_name": "jive-infra-pipeline",
                            "tags.pipeline_phase": "pipeline",
                            "tags.region": "eu-central-1",
                            "tags.sla": "non-prod",
                            "vpc_id": "vpc-a4c32fcc"
                        },
                        "meta": {},
                        "tainted": false
                    },
                    "deposed": [],
                    "provider": ""
                },
                "aws_subnet.public.1": {
                    "type": "aws_subnet",
                    "depends_on": [
                        "aws_vpc.main"
                    ],
                    "primary": {
                        "id": "subnet-d742b5ad",
                        "attributes": {
                            "assign_ipv6_address_on_creation": "false",
                            "availability_zone": "eu-central-1b",
                            "cidr_block": "10.114.28.128/25",
                            "id": "subnet-d742b5ad",
                            "map_public_ip_on_launch": "false",
                            "tags.%": "6",
                            "tags.KubernetesCluster": "eu-central-1_jive-infra-pipeline",
                            "tags.Name": "pipeline-public-subnet",
                            "tags.account_name": "jive-infra-pipeline",
                            "tags.pipeline_phase": "pipeline",
                            "tags.region": "eu-central-1",
                            "tags.sla": "non-prod",
                            "vpc_id": "vpc-a4c32fcc"
                        },
                        "meta": {},
                        "tainted": false
                    },
                    "deposed": [],
                    "provider": ""
                },
                "aws_vpc.main": {
                    "type": "aws_vpc",
                    "depends_on": [],
                    "primary": {
                        "id": "vpc-a4c32fcc",
                        "attributes": {
                            "assign_generated_ipv6_cidr_block": "false",
                            "cidr_block": "10.114.16.0/20",
                            "default_network_acl_id": "acl-96a462fe",
                            "default_route_table_id": "rtb-b1824fd9",
                            "default_security_group_id": "sg-92fe8dfa",
                            "dhcp_options_id": "dopt-d5384fbc",
                            "enable_dns_hostnames": "true",
                            "enable_dns_support": "true",
                            "id": "vpc-a4c32fcc",
                            "instance_tenancy": "default",
                            "main_route_table_id": "rtb-b1824fd9",
                            "tags.%": "5",
                            "tags.Name": "pipeline-vpc",
                            "tags.account_name": "jive-infra-pipeline",
                            "tags.pipeline_phase": "pipeline",
                            "tags.region": "eu-central-1",
                            "tags.sla": "non-prod"
                        },
                        "meta": {
                            "schema_version": "1"
                        },
                        "tainted": false
                    },
                    "deposed": [],
                    "provider": ""
                },
                "aws_vpc_peering_connection.infra": {
                    "type": "aws_vpc_peering_connection",
                    "depends_on": [
                        "aws_vpc.main"
                    ],
                    "primary": {
                        "id": "pcx-3deb3654",
                        "attributes": {
                            "accept_status": "active",
                            "accepter.#": "1",
                            "accepter.3244290774.allow_classic_link_to_remote_vpc": "false",
                            "accepter.3244290774.allow_remote_vpc_dns_resolution": "false",
                            "accepter.3244290774.allow_vpc_to_remote_classic_link": "false",
                            "auto_accept": "true",
                            "id": "pcx-3deb3654",
                            "peer_owner_id": "517449413234",
                            "peer_vpc_id": "vpc-42c4282a",
                            "requester.#": "1",
                            "requester.3244290774.allow_classic_link_to_remote_vpc": "false",
                            "requester.3244290774.allow_remote_vpc_dns_resolution": "false",
                            "requester.3244290774.allow_vpc_to_remote_classic_link": "false",
                            "tags.%": "5",
                            "tags.Name": "pipeline_to_infra-jive-infra-pipeline",
                            "tags.account_name": "jive-infra-pipeline",
                            "tags.pipeline_phase": "pipeline",
                            "tags.region": "eu-central-1",
                            "tags.sla": "non-prod",
                            "vpc_id": "vpc-a4c32fcc"
                        },
                        "meta": {},
                        "tainted": false
                    },
                    "deposed": [],
                    "provider": ""
                },
                "aws_vpn_connection.main": {
                    "type": "aws_vpn_connection",
                    "depends_on": [
                        "aws_vpn_gateway.vgw"
                    ],
                    "primary": {
                        "id": "vpn-10dd3a79",
                        "attributes": {
                            "customer_gateway_configuration": "\u003c?xml version=\"1.0\" encoding=\"UTF-8\"?\u003e\n\u003cvpn_connection id=\"vpn-10dd3a79\"\u003e\n  \u003ccustomer_gateway_id\u003ecgw-ebfa74db\u003c/customer_gateway_id\u003e\n  \u003cvpn_gateway_id\u003evgw-0ce06f3c\u003c/vpn_gateway_id\u003e\n  \u003cvpn_connection_type\u003eipsec.1\u003c/vpn_connection_type\u003e\n  \u003cipsec_tunnel\u003e\n    \u003ccustomer_gateway\u003e\n      \u003ctunnel_outside_address\u003e\n        \u003cip_address\u003e204.93.80.68\u003c/ip_address\u003e\n      \u003c/tunnel_outside_address\u003e\n      \u003ctunnel_inside_address\u003e\n        \u003cip_address\u003e169.254.40.226\u003c/ip_address\u003e\n        \u003cnetwork_mask\u003e255.255.255.252\u003c/network_mask\u003e\n        \u003cnetwork_cidr\u003e30\u003c/network_cidr\u003e\n      \u003c/tunnel_inside_address\u003e\n      \u003cbgp\u003e\n        \u003casn\u003e13364\u003c/asn\u003e\n        \u003chold_time\u003e30\u003c/hold_time\u003e\n      \u003c/bgp\u003e\n    \u003c/customer_gateway\u003e\n    \u003cvpn_gateway\u003e\n      \u003ctunnel_outside_address\u003e\n        \u003cip_address\u003e35.156.239.171\u003c/ip_address\u003e\n      \u003c/tunnel_outside_address\u003e\n      \u003ctunnel_inside_address\u003e\n        \u003cip_address\u003e169.254.40.225\u003c/ip_address\u003e\n        \u003cnetwork_mask\u003e255.255.255.252\u003c/network_mask\u003e\n        \u003cnetwork_cidr\u003e30\u003c/network_cidr\u003e\n      \u003c/tunnel_inside_address\u003e\n      \u003cbgp\u003e\n        \u003casn\u003e7224\u003c/asn\u003e\n        \u003chold_time\u003e30\u003c/hold_time\u003e\n      \u003c/bgp\u003e\n    \u003c/vpn_gateway\u003e\n    \u003cike\u003e\n      \u003cauthentication_protocol\u003esha1\u003c/authentication_protocol\u003e\n      \u003cencryption_protocol\u003eaes-128-cbc\u003c/encryption_protocol\u003e\n      \u003clifetime\u003e28800\u003c/lifetime\u003e\n      \u003cperfect_forward_secrecy\u003egroup2\u003c/perfect_forward_secrecy\u003e\n      \u003cmode\u003emain\u003c/mode\u003e\n      \u003cpre_shared_key\u003eKv7e6mWAHM5fVH.Lza89U2q9NOSyrInR\u003c/pre_shared_key\u003e\n    \u003c/ike\u003e\n    \u003cipsec\u003e\n      \u003cprotocol\u003eesp\u003c/protocol\u003e\n      \u003cauthentication_protocol\u003ehmac-sha1-96\u003c/authentication_protocol\u003e\n      \u003cencryption_protocol\u003eaes-128-cbc\u003c/encryption_protocol\u003e\n      \u003clifetime\u003e3600\u003c/lifetime\u003e\n      \u003cperfect_forward_secrecy\u003egroup2\u003c/perfect_forward_secrecy\u003e\n      \u003cmode\u003etunnel\u003c/mode\u003e\n      \u003cclear_df_bit\u003etrue\u003c/clear_df_bit\u003e\n      \u003cfragmentation_before_encryption\u003etrue\u003c/fragmentation_before_encryption\u003e\n      \u003ctcp_mss_adjustment\u003e1379\u003c/tcp_mss_adjustment\u003e\n      \u003cdead_peer_detection\u003e\n        \u003cinterval\u003e10\u003c/interval\u003e\n        \u003cretries\u003e3\u003c/retries\u003e\n      \u003c/dead_peer_detection\u003e\n    \u003c/ipsec\u003e\n  \u003c/ipsec_tunnel\u003e\n  \u003cipsec_tunnel\u003e\n    \u003ccustomer_gateway\u003e\n      \u003ctunnel_outside_address\u003e\n        \u003cip_address\u003e204.93.80.68\u003c/ip_address\u003e\n      \u003c/tunnel_outside_address\u003e\n      \u003ctunnel_inside_address\u003e\n        \u003cip_address\u003e169.254.40.22\u003c/ip_address\u003e\n        \u003cnetwork_mask\u003e255.255.255.252\u003c/network_mask\u003e\n        \u003cnetwork_cidr\u003e30\u003c/network_cidr\u003e\n      \u003c/tunnel_inside_address\u003e\n      \u003cbgp\u003e\n        \u003casn\u003e13364\u003c/asn\u003e\n        \u003chold_time\u003e30\u003c/hold_time\u003e\n      \u003c/bgp\u003e\n    \u003c/customer_gateway\u003e\n    \u003cvpn_gateway\u003e\n      \u003ctunnel_outside_address\u003e\n        \u003cip_address\u003e35.158.60.34\u003c/ip_address\u003e\n      \u003c/tunnel_outside_address\u003e\n      \u003ctunnel_inside_address\u003e\n        \u003cip_address\u003e169.254.40.21\u003c/ip_address\u003e\n        \u003cnetwork_mask\u003e255.255.255.252\u003c/network_mask\u003e\n        \u003cnetwork_cidr\u003e30\u003c/network_cidr\u003e\n      \u003c/tunnel_inside_address\u003e\n      \u003cbgp\u003e\n        \u003casn\u003e7224\u003c/asn\u003e\n        \u003chold_time\u003e30\u003c/hold_time\u003e\n      \u003c/bgp\u003e\n    \u003c/vpn_gateway\u003e\n    \u003cike\u003e\n      \u003cauthentication_protocol\u003esha1\u003c/authentication_protocol\u003e\n      \u003cencryption_protocol\u003eaes-128-cbc\u003c/encryption_protocol\u003e\n      \u003clifetime\u003e28800\u003c/lifetime\u003e\n      \u003cperfect_forward_secrecy\u003egroup2\u003c/perfect_forward_secrecy\u003e\n      \u003cmode\u003emain\u003c/mode\u003e\n      \u003cpre_shared_key\u003ectEzJ6FYRxUeFCy5sdGRISJrxwY7TQ8y\u003c/pre_shared_key\u003e\n    \u003c/ike\u003e\n    \u003cipsec\u003e\n      \u003cprotocol\u003eesp\u003c/protocol\u003e\n      \u003cauthentication_protocol\u003ehmac-sha1-96\u003c/authentication_protocol\u003e\n      \u003cencryption_protocol\u003eaes-128-cbc\u003c/encryption_protocol\u003e\n      \u003clifetime\u003e3600\u003c/lifetime\u003e\n      \u003cperfect_forward_secrecy\u003egroup2\u003c/perfect_forward_secrecy\u003e\n      \u003cmode\u003etunnel\u003c/mode\u003e\n      \u003cclear_df_bit\u003etrue\u003c/clear_df_bit\u003e\n      \u003cfragmentation_before_encryption\u003etrue\u003c/fragmentation_before_encryption\u003e\n      \u003ctcp_mss_adjustment\u003e1379\u003c/tcp_mss_adjustment\u003e\n      \u003cdead_peer_detection\u003e\n        \u003cinterval\u003e10\u003c/interval\u003e\n        \u003cretries\u003e3\u003c/retries\u003e\n      \u003c/dead_peer_detection\u003e\n    \u003c/ipsec\u003e\n  \u003c/ipsec_tunnel\u003e\n\u003c/vpn_connection\u003e\n",
                            "customer_gateway_id": "cgw-ebfa74db",
                            "id": "vpn-10dd3a79",
                            "routes.#": "0",
                            "static_routes_only": "false",
                            "tags.%": "5",
                            "tags.Name": "pipeline-phx-vpn",
                            "tags.account_name": "jive-infra-pipeline",
                            "tags.pipeline_phase": "pipeline",
                            "tags.region": "eu-central-1",
                            "tags.sla": "non-prod",
                            "tunnel1_address": "35.156.239.171",
                            "tunnel1_preshared_key": "Kv7e6mWAHM5fVH.Lza89U2q9NOSyrInR",
                            "tunnel2_address": "35.158.60.34",
                            "tunnel2_preshared_key": "ctEzJ6FYRxUeFCy5sdGRISJrxwY7TQ8y",
                            "type": "ipsec.1",
                            "vgw_telemetry.#": "2",
                            "vgw_telemetry.2086504561.accepted_route_count": "0",
                            "vgw_telemetry.2086504561.last_status_change": "2017-05-15 22:33:55 +0000 UTC",
                            "vgw_telemetry.2086504561.outside_ip_address": "35.156.239.171",
                            "vgw_telemetry.2086504561.status": "DOWN",
                            "vgw_telemetry.2086504561.status_message": "IPSEC IS DOWN",
                            "vgw_telemetry.749548612.accepted_route_count": "0",
                            "vgw_telemetry.749548612.last_status_change": "2017-05-15 22:34:13 +0000 UTC",
                            "vgw_telemetry.749548612.outside_ip_address": "35.158.60.34",
                            "vgw_telemetry.749548612.status": "DOWN",
                            "vgw_telemetry.749548612.status_message": "IPSEC IS DOWN",
                            "vpn_gateway_id": "vgw-0ce06f3c"
                        },
                        "meta": {},
                        "tainted": false
                    },
                    "deposed": [],
                    "provider": ""
                },
                "aws_vpn_gateway.vgw": {
                    "type": "aws_vpn_gateway",
                    "depends_on": [
                        "aws_vpc.main"
                    ],
                    "primary": {
                        "id": "vgw-0ce06f3c",
                        "attributes": {
                            "availability_zone": "",
                            "id": "vgw-0ce06f3c",
                            "tags.%": "7",
                            "tags.Name": "pipeline-vgw",
                            "tags.account_name": "jive-infra-pipeline",
                            "tags.jive_service": "infrastructure",
                            "tags.pipeline_phase": "pipeline",
                            "tags.region": "eu-central-1",
                            "tags.service_component": "vpn_gateway",
                            "tags.sla": "non-prod",
                            "vpc_id": "vpc-a4c32fcc"
                        },
                        "meta": {},
                        "tainted": false
                    },
                    "deposed": [],
                    "provider": ""
                }
            },
            "depends_on": []
        }
    ]
}
