{
    "version": 3,
    "terraform_version": "0.9.4",
    "serial": 222,
    "lineage": "b4a6dc4e-b195-4329-9b8b-12585fb1d5a5",
    "modules": [
        {
            "path": [
                "root"
            ],
            "outputs": {},
            "resources": {
                "aws_cloudtrail.cloudtrail-configuration": {
                    "type": "aws_cloudtrail",
                    "depends_on": [
                        "aws_cloudwatch_log_group.cloudtrail_logs",
                        "aws_iam_role.cloudtrail_cloudwatch",
                        "aws_s3_bucket.cloudtrail"
                    ],
                    "primary": {
                        "id": "jive-governor-cloudtrail",
                        "attributes": {
                            "arn": "arn:aws:cloudtrail:us-west-2:236799202671:trail/jive-governor-cloudtrail",
                            "cloud_watch_logs_group_arn": "arn:aws:logs:us-west-2:236799202671:log-group:cloudtrail/logs:*",
                            "cloud_watch_logs_role_arn": "arn:aws:iam::236799202671:role/cloudtrail_cloudwatch",
                            "enable_log_file_validation": "false",
                            "enable_logging": "true",
                            "home_region": "us-west-2",
                            "id": "jive-governor-cloudtrail",
                            "include_global_service_events": "true",
                            "is_multi_region_trail": "true",
                            "kms_key_id": "",
                            "name": "jive-governor-cloudtrail",
                            "s3_bucket_name": "jive-cloudtrail-jive-governor-usw2",
                            "s3_key_prefix": "",
                            "sns_topic_name": "",
                            "tags.%": "2",
                            "tags.jive_service": "infrastructure",
                            "tags.service_component": "cloudtrail"
                        },
                        "meta": {},
                        "tainted": false
                    },
                    "deposed": [],
                    "provider": ""
                },
                "aws_cloudwatch_log_group.cloudtrail_logs": {
                    "type": "aws_cloudwatch_log_group",
                    "depends_on": [],
                    "primary": {
                        "id": "cloudtrail/logs",
                        "attributes": {
                            "arn": "arn:aws:logs:us-west-2:236799202671:log-group:cloudtrail/logs:*",
                            "id": "cloudtrail/logs",
                            "name": "cloudtrail/logs",
                            "retention_in_days": "0",
                            "tags.%": "0"
                        },
                        "meta": {},
                        "tainted": false
                    },
                    "deposed": [],
                    "provider": ""
                },
                "aws_cloudwatch_log_metric_filter.api_requests_all": {
                    "type": "aws_cloudwatch_log_metric_filter",
                    "depends_on": [
                        "aws_cloudwatch_log_group.cloudtrail_logs"
                    ],
                    "primary": {
                        "id": "api_requests_all",
                        "attributes": {
                            "id": "api_requests_all",
                            "log_group_name": "cloudtrail/logs",
                            "metric_transformation.#": "1",
                            "metric_transformation.0.name": "all",
                            "metric_transformation.0.namespace": "aws.cloudtrail.api_requests",
                            "metric_transformation.0.value": "1",
                            "name": "api_requests_all",
                            "pattern": ""
                        },
                        "meta": {},
                        "tainted": false
                    },
                    "deposed": [],
                    "provider": ""
                },
                "aws_cloudwatch_log_metric_filter.api_requests_ec2": {
                    "type": "aws_cloudwatch_log_metric_filter",
                    "depends_on": [
                        "aws_cloudwatch_log_group.cloudtrail_logs"
                    ],
                    "primary": {
                        "id": "api_requests_ec2",
                        "attributes": {
                            "id": "api_requests_ec2",
                            "log_group_name": "cloudtrail/logs",
                            "metric_transformation.#": "1",
                            "metric_transformation.0.name": "ec2",
                            "metric_transformation.0.namespace": "aws.cloudtrail.api_requests",
                            "metric_transformation.0.value": "1",
                            "name": "api_requests_ec2",
                            "pattern": "{$.eventSource = ec2.amazonaws.com}"
                        },
                        "meta": {},
                        "tainted": false
                    },
                    "deposed": [],
                    "provider": ""
                },
                "aws_cloudwatch_log_metric_filter.api_requests_elb": {
                    "type": "aws_cloudwatch_log_metric_filter",
                    "depends_on": [
                        "aws_cloudwatch_log_group.cloudtrail_logs"
                    ],
                    "primary": {
                        "id": "api_requests_elb",
                        "attributes": {
                            "id": "api_requests_elb",
                            "log_group_name": "cloudtrail/logs",
                            "metric_transformation.#": "1",
                            "metric_transformation.0.name": "elb",
                            "metric_transformation.0.namespace": "aws.cloudtrail.api_requests",
                            "metric_transformation.0.value": "1",
                            "name": "api_requests_elb",
                            "pattern": "{$.eventSource = elasticloadbalancing.amazonaws.com}"
                        },
                        "meta": {},
                        "tainted": false
                    },
                    "deposed": [],
                    "provider": ""
                },
                "aws_cloudwatch_log_metric_filter.api_requests_route53": {
                    "type": "aws_cloudwatch_log_metric_filter",
                    "depends_on": [
                        "aws_cloudwatch_log_group.cloudtrail_logs"
                    ],
                    "primary": {
                        "id": "api_requests_route53",
                        "attributes": {
                            "id": "api_requests_route53",
                            "log_group_name": "cloudtrail/logs",
                            "metric_transformation.#": "1",
                            "metric_transformation.0.name": "route53",
                            "metric_transformation.0.namespace": "aws.cloudtrail.api_requests",
                            "metric_transformation.0.value": "1",
                            "name": "api_requests_route53",
                            "pattern": "{$.eventSource = route53.amazonaws.com}"
                        },
                        "meta": {},
                        "tainted": false
                    },
                    "deposed": [],
                    "provider": ""
                },
                "aws_iam_account_password_policy.strict": {
                    "type": "aws_iam_account_password_policy",
                    "depends_on": [],
                    "primary": {
                        "id": "iam-account-password-policy",
                        "attributes": {
                            "allow_users_to_change_password": "true",
                            "expire_passwords": "true",
                            "hard_expiry": "false",
                            "id": "iam-account-password-policy",
                            "max_password_age": "90",
                            "minimum_password_length": "8",
                            "password_reuse_prevention": "10",
                            "require_lowercase_characters": "true",
                            "require_numbers": "true",
                            "require_symbols": "false",
                            "require_uppercase_characters": "true"
                        },
                        "meta": {},
                        "tainted": false
                    },
                    "deposed": [],
                    "provider": ""
                },
                "aws_iam_group.architecture": {
                    "type": "aws_iam_group",
                    "depends_on": [],
                    "primary": {
                        "id": "architecture",
                        "attributes": {
                            "arn": "arn:aws:iam::236799202671:group/architecture",
                            "id": "architecture",
                            "name": "architecture",
                            "path": "/",
                            "unique_id": "AGPAIT45PQDKUGLXDZQMU"
                        },
                        "meta": {},
                        "tainted": false
                    },
                    "deposed": [],
                    "provider": ""
                },
                "aws_iam_group.baas": {
                    "type": "aws_iam_group",
                    "depends_on": [],
                    "primary": {
                        "id": "baas",
                        "attributes": {
                            "arn": "arn:aws:iam::236799202671:group/baas",
                            "id": "baas",
                            "name": "baas",
                            "path": "/",
                            "unique_id": "AGPAJZRSTTZ4FGAE2FJMY"
                        },
                        "meta": {},
                        "tainted": false
                    },
                    "deposed": [],
                    "provider": ""
                },
                "aws_iam_group.baas-administrator": {
                    "type": "aws_iam_group",
                    "depends_on": [],
                    "primary": {
                        "id": "baas-administrator",
                        "attributes": {
                            "arn": "arn:aws:iam::236799202671:group/baas-administrator",
                            "id": "baas-administrator",
                            "name": "baas-administrator",
                            "path": "/",
                            "unique_id": "AGPAIFNLFKM6AVIK6S2Q6"
                        },
                        "meta": {},
                        "tainted": false
                    },
                    "deposed": [],
                    "provider": ""
                },
                "aws_iam_group.bikou-administrator": {
                    "type": "aws_iam_group",
                    "depends_on": [],
                    "primary": {
                        "id": "bikou-administrator",
                        "attributes": {
                            "arn": "arn:aws:iam::236799202671:group/bikou-administrator",
                            "id": "bikou-administrator",
                            "name": "bikou-administrator",
                            "path": "/",
                            "unique_id": "AGPAJBATNW66DCWAZBPLM"
                        },
                        "meta": {},
                        "tainted": false
                    },
                    "deposed": [],
                    "provider": ""
                },
                "aws_iam_group.bikou-poweruser": {
                    "type": "aws_iam_group",
                    "depends_on": [],
                    "primary": {
                        "id": "bikou-poweruser",
                        "attributes": {
                            "arn": "arn:aws:iam::236799202671:group/bikou-poweruser",
                            "id": "bikou-poweruser",
                            "name": "bikou-poweruser",
                            "path": "/",
                            "unique_id": "AGPAJX44Z3ARUVDXLUIAA"
                        },
                        "meta": {},
                        "tainted": false
                    },
                    "deposed": [],
                    "provider": ""
                },
                "aws_iam_group.bikou-readonly": {
                    "type": "aws_iam_group",
                    "depends_on": [],
                    "primary": {
                        "id": "bikou-readonly",
                        "attributes": {
                            "arn": "arn:aws:iam::236799202671:group/bikou-readonly",
                            "id": "bikou-readonly",
                            "name": "bikou-readonly",
                            "path": "/",
                            "unique_id": "AGPAJQCRJVXYSQRI4CFM4"
                        },
                        "meta": {},
                        "tainted": false
                    },
                    "deposed": [],
                    "provider": ""
                },
                "aws_iam_group.cloudalytics": {
                    "type": "aws_iam_group",
                    "depends_on": [],
                    "primary": {
                        "id": "cloudalytics",
                        "attributes": {
                            "arn": "arn:aws:iam::236799202671:group/cloudalytics",
                            "id": "cloudalytics",
                            "name": "cloudalytics",
                            "path": "/",
                            "unique_id": "AGPAINWE45KK3ONHWG2UY"
                        },
                        "meta": {},
                        "tainted": false
                    },
                    "deposed": [],
                    "provider": ""
                },
                "aws_iam_group.cloudalytics-administrator": {
                    "type": "aws_iam_group",
                    "depends_on": [],
                    "primary": {
                        "id": "cloudalytics-administrator",
                        "attributes": {
                            "arn": "arn:aws:iam::236799202671:group/cloudalytics-administrator",
                            "id": "cloudalytics-administrator",
                            "name": "cloudalytics-administrator",
                            "path": "/",
                            "unique_id": "AGPAIW4L63Q2U7G6SXS56"
                        },
                        "meta": {},
                        "tainted": false
                    },
                    "deposed": [],
                    "provider": ""
                },
                "aws_iam_group.cloudsearch": {
                    "type": "aws_iam_group",
                    "depends_on": [],
                    "primary": {
                        "id": "cloudsearch",
                        "attributes": {
                            "arn": "arn:aws:iam::236799202671:group/cloudsearch",
                            "id": "cloudsearch",
                            "name": "cloudsearch",
                            "path": "/",
                            "unique_id": "AGPAIRXK7OADY3PQWHTYA"
                        },
                        "meta": {},
                        "tainted": false
                    },
                    "deposed": [],
                    "provider": ""
                },
                "aws_iam_group.cloudsearch-administrator": {
                    "type": "aws_iam_group",
                    "depends_on": [],
                    "primary": {
                        "id": "cloudsearch-administrator",
                        "attributes": {
                            "arn": "arn:aws:iam::236799202671:group/cloudsearch-administrator",
                            "id": "cloudsearch-administrator",
                            "name": "cloudsearch-administrator",
                            "path": "/",
                            "unique_id": "AGPAIZ5DARJDYOV44JNXG"
                        },
                        "meta": {},
                        "tainted": false
                    },
                    "deposed": [],
                    "provider": ""
                },
                "aws_iam_group.data": {
                    "type": "aws_iam_group",
                    "depends_on": [],
                    "primary": {
                        "id": "data",
                        "attributes": {
                            "arn": "arn:aws:iam::236799202671:group/data",
                            "id": "data",
                            "name": "data",
                            "path": "/",
                            "unique_id": "AGPAJSNB46CGJYMYXEZEC"
                        },
                        "meta": {},
                        "tainted": false
                    },
                    "deposed": [],
                    "provider": ""
                },
                "aws_iam_group.data-administrator": {
                    "type": "aws_iam_group",
                    "depends_on": [],
                    "primary": {
                        "id": "data-administrator",
                        "attributes": {
                            "arn": "arn:aws:iam::236799202671:group/data-administrator",
                            "id": "data-administrator",
                            "name": "data-administrator",
                            "path": "/",
                            "unique_id": "AGPAJ2AS2AV4MJ5TV3K3Y"
                        },
                        "meta": {},
                        "tainted": false
                    },
                    "deposed": [],
                    "provider": ""
                },
                "aws_iam_group.data-poweruser": {
                    "type": "aws_iam_group",
                    "depends_on": [],
                    "primary": {
                        "id": "data-poweruser",
                        "attributes": {
                            "arn": "arn:aws:iam::236799202671:group/data-poweruser",
                            "id": "data-poweruser",
                            "name": "data-poweruser",
                            "path": "/",
                            "unique_id": "AGPAINODUFEVBFNIKSTQ4"
                        },
                        "meta": {},
                        "tainted": false
                    },
                    "deposed": [],
                    "provider": ""
                },
                "aws_iam_group.data-readonly": {
                    "type": "aws_iam_group",
                    "depends_on": [],
                    "primary": {
                        "id": "data-readonly",
                        "attributes": {
                            "arn": "arn:aws:iam::236799202671:group/data-readonly",
                            "id": "data-readonly",
                            "name": "data-readonly",
                            "path": "/",
                            "unique_id": "AGPAILKRIKWMQSVS72TXS"
                        },
                        "meta": {},
                        "tainted": false
                    },
                    "deposed": [],
                    "provider": ""
                },
                "aws_iam_group.governor-administrator": {
                    "type": "aws_iam_group",
                    "depends_on": [],
                    "primary": {
                        "id": "governor-administrator",
                        "attributes": {
                            "arn": "arn:aws:iam::236799202671:group/governor-administrator",
                            "id": "governor-administrator",
                            "name": "governor-administrator",
                            "path": "/",
                            "unique_id": "AGPAI6NFGVLP5GWC4CMSA"
                        },
                        "meta": {},
                        "tainted": false
                    },
                    "deposed": [],
                    "provider": ""
                },
                "aws_iam_group.hops": {
                    "type": "aws_iam_group",
                    "depends_on": [],
                    "primary": {
                        "id": "hops",
                        "attributes": {
                            "arn": "arn:aws:iam::236799202671:group/hops",
                            "id": "hops",
                            "name": "hops",
                            "path": "/",
                            "unique_id": "AGPAINQS5M52HPONBNDJA"
                        },
                        "meta": {},
                        "tainted": false
                    },
                    "deposed": [],
                    "provider": ""
                },
                "aws_iam_group.hops-pipeline-roles": {
                    "type": "aws_iam_group",
                    "depends_on": [],
                    "primary": {
                        "id": "hops-pipeline-roles",
                        "attributes": {
                            "arn": "arn:aws:iam::236799202671:group/hops-pipeline-roles",
                            "id": "hops-pipeline-roles",
                            "name": "hops-pipeline-roles",
                            "path": "/",
                            "unique_id": "AGPAI7CLRD5MYQTBQGNXQ"
                        },
                        "meta": {},
                        "tainted": false
                    },
                    "deposed": [],
                    "provider": ""
                },
                "aws_iam_group.hosting-pipeline-administrator": {
                    "type": "aws_iam_group",
                    "depends_on": [],
                    "primary": {
                        "id": "hosting-pipeline-administrator",
                        "attributes": {
                            "arn": "arn:aws:iam::236799202671:group/hosting-pipeline-administrator",
                            "id": "hosting-pipeline-administrator",
                            "name": "hosting-pipeline-administrator",
                            "path": "/",
                            "unique_id": "AGPAIVBAQS4HF2C4FZ326"
                        },
                        "meta": {},
                        "tainted": false
                    },
                    "deposed": [],
                    "provider": ""
                },
                "aws_iam_group.hosting-pipeline-poweruser": {
                    "type": "aws_iam_group",
                    "depends_on": [],
                    "primary": {
                        "id": "hosting-pipeline-poweruser",
                        "attributes": {
                            "arn": "arn:aws:iam::236799202671:group/hosting-pipeline-poweruser",
                            "id": "hosting-pipeline-poweruser",
                            "name": "hosting-pipeline-poweruser",
                            "path": "/",
                            "unique_id": "AGPAIR5CQ6BBEU4JVZPJA"
                        },
                        "meta": {},
                        "tainted": false
                    },
                    "deposed": [],
                    "provider": ""
                },
                "aws_iam_group.hosting-pipeline-readonly": {
                    "type": "aws_iam_group",
                    "depends_on": [],
                    "primary": {
                        "id": "hosting-pipeline-readonly",
                        "attributes": {
                            "arn": "arn:aws:iam::236799202671:group/hosting-pipeline-readonly",
                            "id": "hosting-pipeline-readonly",
                            "name": "hosting-pipeline-readonly",
                            "path": "/",
                            "unique_id": "AGPAIXILT2O36BKRODIZ2"
                        },
                        "meta": {},
                        "tainted": false
                    },
                    "deposed": [],
                    "provider": ""
                },
                "aws_iam_group.iaas": {
                    "type": "aws_iam_group",
                    "depends_on": [],
                    "primary": {
                        "id": "iaas",
                        "attributes": {
                            "arn": "arn:aws:iam::236799202671:group/iaas",
                            "id": "iaas",
                            "name": "iaas",
                            "path": "/",
                            "unique_id": "AGPAIMDIBWYPAEV6QH2S6"
                        },
                        "meta": {},
                        "tainted": false
                    },
                    "deposed": [],
                    "provider": ""
                },
                "aws_iam_group.infra-administrator": {
                    "type": "aws_iam_group",
                    "depends_on": [],
                    "primary": {
                        "id": "infra-administrator",
                        "attributes": {
                            "arn": "arn:aws:iam::236799202671:group/infra-administrator",
                            "id": "infra-administrator",
                            "name": "infra-administrator",
                            "path": "/",
                            "unique_id": "AGPAJXUWFIL4L4OWTO7D4"
                        },
                        "meta": {},
                        "tainted": false
                    },
                    "deposed": [],
                    "provider": ""
                },
                "aws_iam_group.infra-poweruser": {
                    "type": "aws_iam_group",
                    "depends_on": [],
                    "primary": {
                        "id": "infra-poweruser",
                        "attributes": {
                            "arn": "arn:aws:iam::236799202671:group/infra-poweruser",
                            "id": "infra-poweruser",
                            "name": "infra-poweruser",
                            "path": "/",
                            "unique_id": "AGPAJNASVKVSF5F4WBPJ6"
                        },
                        "meta": {},
                        "tainted": false
                    },
                    "deposed": [],
                    "provider": ""
                },
                "aws_iam_group.infra-readonly": {
                    "type": "aws_iam_group",
                    "depends_on": [],
                    "primary": {
                        "id": "infra-readonly",
                        "attributes": {
                            "arn": "arn:aws:iam::236799202671:group/infra-readonly",
                            "id": "infra-readonly",
                            "name": "infra-readonly",
                            "path": "/",
                            "unique_id": "AGPAJ3SLZU57F2OFIHEY6"
                        },
                        "meta": {},
                        "tainted": false
                    },
                    "deposed": [],
                    "provider": ""
                },
                "aws_iam_group.israel-administrator": {
                    "type": "aws_iam_group",
                    "depends_on": [],
                    "primary": {
                        "id": "israel-administrator",
                        "attributes": {
                            "arn": "arn:aws:iam::236799202671:group/israel-administrator",
                            "id": "israel-administrator",
                            "name": "israel-administrator",
                            "path": "/",
                            "unique_id": "AGPAISQORNOQBY6HLJ3V6"
                        },
                        "meta": {},
                        "tainted": false
                    },
                    "deposed": [],
                    "provider": ""
                },
                "aws_iam_group.israel_dev": {
                    "type": "aws_iam_group",
                    "depends_on": [],
                    "primary": {
                        "id": "israel_dev",
                        "attributes": {
                            "arn": "arn:aws:iam::236799202671:group/israel_dev",
                            "id": "israel_dev",
                            "name": "israel_dev",
                            "path": "/",
                            "unique_id": "AGPAJNO6R43HLPZLN63IA"
                        },
                        "meta": {},
                        "tainted": false
                    },
                    "deposed": [],
                    "provider": ""
                },
                "aws_iam_group.israel_devops": {
                    "type": "aws_iam_group",
                    "depends_on": [],
                    "primary": {
                        "id": "israel_devops",
                        "attributes": {
                            "arn": "arn:aws:iam::236799202671:group/israel_devops",
                            "id": "israel_devops",
                            "name": "israel_devops",
                            "path": "/",
                            "unique_id": "AGPAJ6MGRZ4VMQO74ILZS"
                        },
                        "meta": {},
                        "tainted": false
                    },
                    "deposed": [],
                    "provider": ""
                },
                "aws_iam_group.jcx": {
                    "type": "aws_iam_group",
                    "depends_on": [],
                    "primary": {
                        "id": "jcx",
                        "attributes": {
                            "arn": "arn:aws:iam::236799202671:group/jcx",
                            "id": "jcx",
                            "name": "jcx",
                            "path": "/",
                            "unique_id": "AGPAIQDHDF2I6LUGGKWPS"
                        },
                        "meta": {},
                        "tainted": false
                    },
                    "deposed": [],
                    "provider": ""
                },
                "aws_iam_group.jcx-administrator": {
                    "type": "aws_iam_group",
                    "depends_on": [],
                    "primary": {
                        "id": "jcx-administrator",
                        "attributes": {
                            "arn": "arn:aws:iam::236799202671:group/jcx-administrator",
                            "id": "jcx-administrator",
                            "name": "jcx-administrator",
                            "path": "/",
                            "unique_id": "AGPAJWDHOIOV5FCYVPLD2"
                        },
                        "meta": {},
                        "tainted": false
                    },
                    "deposed": [],
                    "provider": ""
                },
                "aws_iam_group.jcx-pipeline-roles": {
                    "type": "aws_iam_group",
                    "depends_on": [],
                    "primary": {
                        "id": "jcx-pipeline-roles",
                        "attributes": {
                            "arn": "arn:aws:iam::236799202671:group/jcx-pipeline-roles",
                            "id": "jcx-pipeline-roles",
                            "name": "jcx-pipeline-roles",
                            "path": "/",
                            "unique_id": "AGPAJXXQ3ZK7AJUPXYSCY"
                        },
                        "meta": {},
                        "tainted": false
                    },
                    "deposed": [],
                    "provider": ""
                },
                "aws_iam_group.jcx-poweruser": {
                    "type": "aws_iam_group",
                    "depends_on": [],
                    "primary": {
                        "id": "jcx-poweruser",
                        "attributes": {
                            "arn": "arn:aws:iam::236799202671:group/jcx-poweruser",
                            "id": "jcx-poweruser",
                            "name": "jcx-poweruser",
                            "path": "/",
                            "unique_id": "AGPAJY2C4LTSBJG4AIIUK"
                        },
                        "meta": {},
                        "tainted": false
                    },
                    "deposed": [],
                    "provider": ""
                },
                "aws_iam_group.jcx-readonly": {
                    "type": "aws_iam_group",
                    "depends_on": [],
                    "primary": {
                        "id": "jcx-readonly",
                        "attributes": {
                            "arn": "arn:aws:iam::236799202671:group/jcx-readonly",
                            "id": "jcx-readonly",
                            "name": "jcx-readonly",
                            "path": "/",
                            "unique_id": "AGPAJZ2CI6XZDZK6QLLO6"
                        },
                        "meta": {},
                        "tainted": false
                    },
                    "deposed": [],
                    "provider": ""
                },
                "aws_iam_group.jive-w-administrator": {
                    "type": "aws_iam_group",
                    "depends_on": [],
                    "primary": {
                        "id": "jive-w-administrator",
                        "attributes": {
                            "arn": "arn:aws:iam::236799202671:group/jive-w-administrator",
                            "id": "jive-w-administrator",
                            "name": "jive-w-administrator",
                            "path": "/",
                            "unique_id": "AGPAJW6SIMQYFSTP2EHE6"
                        },
                        "meta": {},
                        "tainted": false
                    },
                    "deposed": [],
                    "provider": ""
                },
                "aws_iam_group.jive-w-poweruser": {
                    "type": "aws_iam_group",
                    "depends_on": [],
                    "primary": {
                        "id": "jive-w-poweruser",
                        "attributes": {
                            "arn": "arn:aws:iam::236799202671:group/jive-w-poweruser",
                            "id": "jive-w-poweruser",
                            "name": "jive-w-poweruser",
                            "path": "/",
                            "unique_id": "AGPAJWIOV3OTP46BBJLWE"
                        },
                        "meta": {},
                        "tainted": false
                    },
                    "deposed": [],
                    "provider": ""
                },
                "aws_iam_group.jive-w-readonly": {
                    "type": "aws_iam_group",
                    "depends_on": [],
                    "primary": {
                        "id": "jive-w-readonly",
                        "attributes": {
                            "arn": "arn:aws:iam::236799202671:group/jive-w-readonly",
                            "id": "jive-w-readonly",
                            "name": "jive-w-readonly",
                            "path": "/",
                            "unique_id": "AGPAIYMNK57LFVQ57BCUS"
                        },
                        "meta": {},
                        "tainted": false
                    },
                    "deposed": [],
                    "provider": ""
                },
                "aws_iam_group.mako": {
                    "type": "aws_iam_group",
                    "depends_on": [],
                    "primary": {
                        "id": "mako",
                        "attributes": {
                            "arn": "arn:aws:iam::236799202671:group/mako",
                            "id": "mako",
                            "name": "mako",
                            "path": "/",
                            "unique_id": "AGPAJ2OCTZTQIXIX3DGXC"
                        },
                        "meta": {},
                        "tainted": false
                    },
                    "deposed": [],
                    "provider": ""
                },
                "aws_iam_group.mako-administrator": {
                    "type": "aws_iam_group",
                    "depends_on": [],
                    "primary": {
                        "id": "mako-administrator",
                        "attributes": {
                            "arn": "arn:aws:iam::236799202671:group/mako-administrator",
                            "id": "mako-administrator",
                            "name": "mako-administrator",
                            "path": "/",
                            "unique_id": "AGPAIARRFKPHWIMTWULZU"
                        },
                        "meta": {},
                        "tainted": false
                    },
                    "deposed": [],
                    "provider": ""
                },
                "aws_iam_group.mako-pipeline-roles": {
                    "type": "aws_iam_group",
                    "depends_on": [],
                    "primary": {
                        "id": "mako-pipeline-roles",
                        "attributes": {
                            "arn": "arn:aws:iam::236799202671:group/mako-pipeline-roles",
                            "id": "mako-pipeline-roles",
                            "name": "mako-pipeline-roles",
                            "path": "/",
                            "unique_id": "AGPAI6WABOS42SSDPJGK4"
                        },
                        "meta": {},
                        "tainted": false
                    },
                    "deposed": [],
                    "provider": ""
                },
                "aws_iam_group.microservices-administrator": {
                    "type": "aws_iam_group",
                    "depends_on": [],
                    "primary": {
                        "id": "microservices-administrator",
                        "attributes": {
                            "arn": "arn:aws:iam::236799202671:group/microservices-administrator",
                            "id": "microservices-administrator",
                            "name": "microservices-administrator",
                            "path": "/",
                            "unique_id": "AGPAIKNY3BXO6ZXLG2674"
                        },
                        "meta": {},
                        "tainted": false
                    },
                    "deposed": [],
                    "provider": ""
                },
                "aws_iam_group.microservices-poweruser": {
                    "type": "aws_iam_group",
                    "depends_on": [],
                    "primary": {
                        "id": "microservices-poweruser",
                        "attributes": {
                            "arn": "arn:aws:iam::236799202671:group/microservices-poweruser",
                            "id": "microservices-poweruser",
                            "name": "microservices-poweruser",
                            "path": "/",
                            "unique_id": "AGPAI4FOO56LIOJU66GFS"
                        },
                        "meta": {},
                        "tainted": false
                    },
                    "deposed": [],
                    "provider": ""
                },
                "aws_iam_group.microservices-readonly": {
                    "type": "aws_iam_group",
                    "depends_on": [],
                    "primary": {
                        "id": "microservices-readonly",
                        "attributes": {
                            "arn": "arn:aws:iam::236799202671:group/microservices-readonly",
                            "id": "microservices-readonly",
                            "name": "microservices-readonly",
                            "path": "/",
                            "unique_id": "AGPAI2KV6UT5H53PWAOIG"
                        },
                        "meta": {},
                        "tainted": false
                    },
                    "deposed": [],
                    "provider": ""
                },
                "aws_iam_group.partnercollaboration-administrator": {
                    "type": "aws_iam_group",
                    "depends_on": [],
                    "primary": {
                        "id": "partnercollaboration-administrator",
                        "attributes": {
                            "arn": "arn:aws:iam::236799202671:group/partnercollaboration-administrator",
                            "id": "partnercollaboration-administrator",
                            "name": "partnercollaboration-administrator",
                            "path": "/",
                            "unique_id": "AGPAJGC7ZONVVI3NDZG5M"
                        },
                        "meta": {},
                        "tainted": false
                    },
                    "deposed": [],
                    "provider": ""
                },
                "aws_iam_group.partnercollaboration-poweruser": {
                    "type": "aws_iam_group",
                    "depends_on": [],
                    "primary": {
                        "id": "partnercollaboration-poweruser",
                        "attributes": {
                            "arn": "arn:aws:iam::236799202671:group/partnercollaboration-poweruser",
                            "id": "partnercollaboration-poweruser",
                            "name": "partnercollaboration-poweruser",
                            "path": "/",
                            "unique_id": "AGPAI53ZRSEIWLRWRWP4G"
                        },
                        "meta": {},
                        "tainted": false
                    },
                    "deposed": [],
                    "provider": ""
                },
                "aws_iam_group.partnercollaboration-readonly": {
                    "type": "aws_iam_group",
                    "depends_on": [],
                    "primary": {
                        "id": "partnercollaboration-readonly",
                        "attributes": {
                            "arn": "arn:aws:iam::236799202671:group/partnercollaboration-readonly",
                            "id": "partnercollaboration-readonly",
                            "name": "partnercollaboration-readonly",
                            "path": "/",
                            "unique_id": "AGPAIBYWOIBAA6TWDKQN6"
                        },
                        "meta": {},
                        "tainted": false
                    },
                    "deposed": [],
                    "provider": ""
                },
                "aws_iam_group.ps": {
                    "type": "aws_iam_group",
                    "depends_on": [],
                    "primary": {
                        "id": "ps",
                        "attributes": {
                            "arn": "arn:aws:iam::236799202671:group/ps",
                            "id": "ps",
                            "name": "ps",
                            "path": "/",
                            "unique_id": "AGPAJHBMNHZSQIAQC6CLW"
                        },
                        "meta": {},
                        "tainted": false
                    },
                    "deposed": [],
                    "provider": ""
                },
                "aws_iam_group.ps-administrator": {
                    "type": "aws_iam_group",
                    "depends_on": [],
                    "primary": {
                        "id": "ps-administrator",
                        "attributes": {
                            "arn": "arn:aws:iam::236799202671:group/ps-administrator",
                            "id": "ps-administrator",
                            "name": "ps-administrator",
                            "path": "/",
                            "unique_id": "AGPAJ3TUCK2CJD3RGS7OE"
                        },
                        "meta": {},
                        "tainted": false
                    },
                    "deposed": [],
                    "provider": ""
                },
                "aws_iam_group.ps-poweruser": {
                    "type": "aws_iam_group",
                    "depends_on": [],
                    "primary": {
                        "id": "ps-poweruser",
                        "attributes": {
                            "arn": "arn:aws:iam::236799202671:group/ps-poweruser",
                            "id": "ps-poweruser",
                            "name": "ps-poweruser",
                            "path": "/",
                            "unique_id": "AGPAJX4MEA3KRNVNRDT56"
                        },
                        "meta": {},
                        "tainted": false
                    },
                    "deposed": [],
                    "provider": ""
                },
                "aws_iam_group.ps-readonly": {
                    "type": "aws_iam_group",
                    "depends_on": [],
                    "primary": {
                        "id": "ps-readonly",
                        "attributes": {
                            "arn": "arn:aws:iam::236799202671:group/ps-readonly",
                            "id": "ps-readonly",
                            "name": "ps-readonly",
                            "path": "/",
                            "unique_id": "AGPAIRI5TKW7LERMPCBPU"
                        },
                        "meta": {},
                        "tainted": false
                    },
                    "deposed": [],
                    "provider": ""
                },
                "aws_iam_group.ps-sandbox-administrator": {
                    "type": "aws_iam_group",
                    "depends_on": [],
                    "primary": {
                        "id": "ps-sandbox-administrator",
                        "attributes": {
                            "arn": "arn:aws:iam::236799202671:group/ps-sandbox-administrator",
                            "id": "ps-sandbox-administrator",
                            "name": "ps-sandbox-administrator",
                            "path": "/",
                            "unique_id": "AGPAIDEPPFF6DU5XTG3L2"
                        },
                        "meta": {},
                        "tainted": false
                    },
                    "deposed": [],
                    "provider": ""
                },
                "aws_iam_group.ps-sandbox-poweruser": {
                    "type": "aws_iam_group",
                    "depends_on": [],
                    "primary": {
                        "id": "ps-sandbox-poweruser",
                        "attributes": {
                            "arn": "arn:aws:iam::236799202671:group/ps-sandbox-poweruser",
                            "id": "ps-sandbox-poweruser",
                            "name": "ps-sandbox-poweruser",
                            "path": "/",
                            "unique_id": "AGPAIQ5RZYZ4MAFHCXC6A"
                        },
                        "meta": {},
                        "tainted": false
                    },
                    "deposed": [],
                    "provider": ""
                },
                "aws_iam_group.ps-sandbox-readonly": {
                    "type": "aws_iam_group",
                    "depends_on": [],
                    "primary": {
                        "id": "ps-sandbox-readonly",
                        "attributes": {
                            "arn": "arn:aws:iam::236799202671:group/ps-sandbox-readonly",
                            "id": "ps-sandbox-readonly",
                            "name": "ps-sandbox-readonly",
                            "path": "/",
                            "unique_id": "AGPAJ7BEKEO4EQ72IMWKA"
                        },
                        "meta": {},
                        "tainted": false
                    },
                    "deposed": [],
                    "provider": ""
                },
                "aws_iam_group.reco": {
                    "type": "aws_iam_group",
                    "depends_on": [],
                    "primary": {
                        "id": "reco",
                        "attributes": {
                            "arn": "arn:aws:iam::236799202671:group/reco",
                            "id": "reco",
                            "name": "reco",
                            "path": "/",
                            "unique_id": "AGPAJAUJ6PSJIZHJCRPNS"
                        },
                        "meta": {},
                        "tainted": false
                    },
                    "deposed": [],
                    "provider": ""
                },
                "aws_iam_group.reco-administrator": {
                    "type": "aws_iam_group",
                    "depends_on": [],
                    "primary": {
                        "id": "reco-administrator",
                        "attributes": {
                            "arn": "arn:aws:iam::236799202671:group/reco-administrator",
                            "id": "reco-administrator",
                            "name": "reco-administrator",
                            "path": "/",
                            "unique_id": "AGPAJNIQ5VTM64P4G2W5W"
                        },
                        "meta": {},
                        "tainted": false
                    },
                    "deposed": [],
                    "provider": ""
                },
                "aws_iam_group.reco-poweruser": {
                    "type": "aws_iam_group",
                    "depends_on": [],
                    "primary": {
                        "id": "reco-poweruser",
                        "attributes": {
                            "arn": "arn:aws:iam::236799202671:group/reco-poweruser",
                            "id": "reco-poweruser",
                            "name": "reco-poweruser",
                            "path": "/",
                            "unique_id": "AGPAIHR5DW2KWXLI7DEQC"
                        },
                        "meta": {},
                        "tainted": false
                    },
                    "deposed": [],
                    "provider": ""
                },
                "aws_iam_group.reco-readonly": {
                    "type": "aws_iam_group",
                    "depends_on": [],
                    "primary": {
                        "id": "reco-readonly",
                        "attributes": {
                            "arn": "arn:aws:iam::236799202671:group/reco-readonly",
                            "id": "reco-readonly",
                            "name": "reco-readonly",
                            "path": "/",
                            "unique_id": "AGPAJH3OCUHN6LLYMA57G"
                        },
                        "meta": {},
                        "tainted": false
                    },
                    "deposed": [],
                    "provider": ""
                },
                "aws_iam_group.reco-sandbox-administrator": {
                    "type": "aws_iam_group",
                    "depends_on": [],
                    "primary": {
                        "id": "reco-sandbox-administrator",
                        "attributes": {
                            "arn": "arn:aws:iam::236799202671:group/reco-sandbox-administrator",
                            "id": "reco-sandbox-administrator",
                            "name": "reco-sandbox-administrator",
                            "path": "/",
                            "unique_id": "AGPAJBBGP32EGVVECMERS"
                        },
                        "meta": {},
                        "tainted": false
                    },
                    "deposed": [],
                    "provider": ""
                },
                "aws_iam_group.reco-sandbox-poweruser": {
                    "type": "aws_iam_group",
                    "depends_on": [],
                    "primary": {
                        "id": "reco-sandbox-poweruser",
                        "attributes": {
                            "arn": "arn:aws:iam::236799202671:group/reco-sandbox-poweruser",
                            "id": "reco-sandbox-poweruser",
                            "name": "reco-sandbox-poweruser",
                            "path": "/",
                            "unique_id": "AGPAJ5WQGZVGXG2V3REYU"
                        },
                        "meta": {},
                        "tainted": false
                    },
                    "deposed": [],
                    "provider": ""
                },
                "aws_iam_group.reco-sandbox-readonly": {
                    "type": "aws_iam_group",
                    "depends_on": [],
                    "primary": {
                        "id": "reco-sandbox-readonly",
                        "attributes": {
                            "arn": "arn:aws:iam::236799202671:group/reco-sandbox-readonly",
                            "id": "reco-sandbox-readonly",
                            "name": "reco-sandbox-readonly",
                            "path": "/",
                            "unique_id": "AGPAIYGF2TJGCW4RVH7WI"
                        },
                        "meta": {},
                        "tainted": false
                    },
                    "deposed": [],
                    "provider": ""
                },
                "aws_iam_group.sandbox": {
                    "type": "aws_iam_group",
                    "depends_on": [],
                    "primary": {
                        "id": "sandbox",
                        "attributes": {
                            "arn": "arn:aws:iam::236799202671:group/sandbox",
                            "id": "sandbox",
                            "name": "sandbox",
                            "path": "/",
                            "unique_id": "AGPAJEVDNTFQENO5J3JUK"
                        },
                        "meta": {},
                        "tainted": false
                    },
                    "deposed": [],
                    "provider": ""
                },
                "aws_iam_group.sre": {
                    "type": "aws_iam_group",
                    "depends_on": [],
                    "primary": {
                        "id": "sre",
                        "attributes": {
                            "arn": "arn:aws:iam::236799202671:group/sre",
                            "id": "sre",
                            "name": "sre",
                            "path": "/",
                            "unique_id": "AGPAJGZ2W6I77RLLCJRGI"
                        },
                        "meta": {},
                        "tainted": false
                    },
                    "deposed": [],
                    "provider": ""
                },
                "aws_iam_group.sre-pipeline-roles": {
                    "type": "aws_iam_group",
                    "depends_on": [],
                    "primary": {
                        "id": "sre-pipeline-roles",
                        "attributes": {
                            "arn": "arn:aws:iam::236799202671:group/sre-pipeline-roles",
                            "id": "sre-pipeline-roles",
                            "name": "sre-pipeline-roles",
                            "path": "/",
                            "unique_id": "AGPAJXPN3PEDVNHNZUQNS"
                        },
                        "meta": {},
                        "tainted": false
                    },
                    "deposed": [],
                    "provider": ""
                },
                "aws_iam_group.support": {
                    "type": "aws_iam_group",
                    "depends_on": [],
                    "primary": {
                        "id": "support",
                        "attributes": {
                            "arn": "arn:aws:iam::236799202671:group/support",
                            "id": "support",
                            "name": "support",
                            "path": "/",
                            "unique_id": "AGPAJW5TEZJET5GCJL7PC"
                        },
                        "meta": {},
                        "tainted": false
                    },
                    "deposed": [],
                    "provider": ""
                },
                "aws_iam_group.support-administrator": {
                    "type": "aws_iam_group",
                    "depends_on": [],
                    "primary": {
                        "id": "support-administrator",
                        "attributes": {
                            "arn": "arn:aws:iam::236799202671:group/support-administrator",
                            "id": "support-administrator",
                            "name": "support-administrator",
                            "path": "/",
                            "unique_id": "AGPAJUJWLCQQ6FK5EQYXU"
                        },
                        "meta": {},
                        "tainted": false
                    },
                    "deposed": [],
                    "provider": ""
                },
                "aws_iam_group.support-poweruser": {
                    "type": "aws_iam_group",
                    "depends_on": [],
                    "primary": {
                        "id": "support-poweruser",
                        "attributes": {
                            "arn": "arn:aws:iam::236799202671:group/support-poweruser",
                            "id": "support-poweruser",
                            "name": "support-poweruser",
                            "path": "/",
                            "unique_id": "AGPAIS4HWDUQ22BVR6O6K"
                        },
                        "meta": {},
                        "tainted": false
                    },
                    "deposed": [],
                    "provider": ""
                },
                "aws_iam_group.support-readonly": {
                    "type": "aws_iam_group",
                    "depends_on": [],
                    "primary": {
                        "id": "support-readonly",
                        "attributes": {
                            "arn": "arn:aws:iam::236799202671:group/support-readonly",
                            "id": "support-readonly",
                            "name": "support-readonly",
                            "path": "/",
                            "unique_id": "AGPAIZS6YYDURPL6QOQNW"
                        },
                        "meta": {},
                        "tainted": false
                    },
                    "deposed": [],
                    "provider": ""
                },
                "aws_iam_group.tardis": {
                    "type": "aws_iam_group",
                    "depends_on": [],
                    "primary": {
                        "id": "tardis",
                        "attributes": {
                            "arn": "arn:aws:iam::236799202671:group/tardis",
                            "id": "tardis",
                            "name": "tardis",
                            "path": "/",
                            "unique_id": "AGPAJEUSXGD2F2XIPBYWK"
                        },
                        "meta": {},
                        "tainted": false
                    },
                    "deposed": [],
                    "provider": ""
                },
                "aws_iam_group.tardis-administrator": {
                    "type": "aws_iam_group",
                    "depends_on": [],
                    "primary": {
                        "id": "tardis-administrator",
                        "attributes": {
                            "arn": "arn:aws:iam::236799202671:group/tardis-administrator",
                            "id": "tardis-administrator",
                            "name": "tardis-administrator",
                            "path": "/",
                            "unique_id": "AGPAISEDJR73U6UTASUK2"
                        },
                        "meta": {},
                        "tainted": false
                    },
                    "deposed": [],
                    "provider": ""
                },
                "aws_iam_group_membership.architecture": {
                    "type": "aws_iam_group_membership",
                    "depends_on": [
                        "aws_iam_group.architecture",
                        "aws_iam_user.david_brown"
                    ],
                    "primary": {
                        "id": "architecture",
                        "attributes": {
                            "group": "architecture",
                            "id": "architecture",
                            "name": "architecture",
                            "users.#": "1",
                            "users.282481966": "david.brown"
                        },
                        "meta": {},
                        "tainted": false
                    },
                    "deposed": [],
                    "provider": ""
                },
                "aws_iam_group_membership.baas": {
                    "type": "aws_iam_group_membership",
                    "depends_on": [
                        "aws_iam_group.baas"
                    ],
                    "primary": {
                        "id": "baas",
                        "attributes": {
                            "group": "baas",
                            "id": "baas",
                            "name": "baas",
                            "users.#": "0"
                        },
                        "meta": {},
                        "tainted": false
                    },
                    "deposed": [],
                    "provider": ""
                },
                "aws_iam_group_membership.baas-administrator": {
                    "type": "aws_iam_group_membership",
                    "depends_on": [
                        "aws_iam_group.baas-administrator"
                    ],
                    "primary": {
                        "id": "baas-administrator",
                        "attributes": {
                            "group": "baas-administrator",
                            "id": "baas-administrator",
                            "name": "baas-administrator",
                            "users.#": "0"
                        },
                        "meta": {},
                        "tainted": false
                    },
                    "deposed": [],
                    "provider": ""
                },
                "aws_iam_group_membership.bikou-administrator": {
                    "type": "aws_iam_group_membership",
                    "depends_on": [
                        "aws_iam_group.bikou-administrator",
                        "aws_iam_user.david_sundberg"
                    ],
                    "primary": {
                        "id": "bikou-administrator",
                        "attributes": {
                            "group": "bikou-administrator",
                            "id": "bikou-administrator",
                            "name": "bikou-administrator",
                            "users.#": "1",
                            "users.911279144": "david.sundberg"
                        },
                        "meta": {},
                        "tainted": false
                    },
                    "deposed": [],
                    "provider": ""
                },
                "aws_iam_group_membership.bikou-poweruser": {
                    "type": "aws_iam_group_membership",
                    "depends_on": [
                        "aws_iam_group.bikou-poweruser"
                    ],
                    "primary": {
                        "id": "bikou-poweruser",
                        "attributes": {
                            "group": "bikou-poweruser",
                            "id": "bikou-poweruser",
                            "name": "bikou-poweruser",
                            "users.#": "0"
                        },
                        "meta": {},
                        "tainted": false
                    },
                    "deposed": [],
                    "provider": ""
                },
                "aws_iam_group_membership.bikou-readonly": {
                    "type": "aws_iam_group_membership",
                    "depends_on": [
                        "aws_iam_group.bikou-readonly"
                    ],
                    "primary": {
                        "id": "bikou-readonly",
                        "attributes": {
                            "group": "bikou-readonly",
                            "id": "bikou-readonly",
                            "name": "bikou-readonly",
                            "users.#": "0"
                        },
                        "meta": {},
                        "tainted": false
                    },
                    "deposed": [],
                    "provider": ""
                },
                "aws_iam_group_membership.cloudalytics": {
                    "type": "aws_iam_group_membership",
                    "depends_on": [
                        "aws_iam_group.cloudalytics",
                        "aws_iam_user.boris_yakovito",
                        "aws_iam_user.guro_bokum",
                        "aws_iam_user.minas_magdi",
                        "aws_iam_user.muzammil_sayed"
                    ],
                    "primary": {
                        "id": "cloudalytics",
                        "attributes": {
                            "group": "cloudalytics",
                            "id": "cloudalytics",
                            "name": "cloudalytics",
                            "users.#": "4",
                            "users.1504571503": "boris.yakovito",
                            "users.1641433261": "guro.bokum",
                            "users.299637310": "muzammil.sayed",
                            "users.799840490": "minas.magdi"
                        },
                        "meta": {},
                        "tainted": false
                    },
                    "deposed": [],
                    "provider": ""
                },
                "aws_iam_group_membership.cloudalytics-administrator": {
                    "type": "aws_iam_group_membership",
                    "depends_on": [
                        "aws_iam_group.cloudalytics-administrator",
                        "aws_iam_user.guro_bokum"
                    ],
                    "primary": {
                        "id": "cloudalytics-administrator",
                        "attributes": {
                            "group": "cloudalytics-administrator",
                            "id": "cloudalytics-administrator",
                            "name": "cloudalytics-administrator",
                            "users.#": "1",
                            "users.1641433261": "guro.bokum"
                        },
                        "meta": {},
                        "tainted": false
                    },
                    "deposed": [],
                    "provider": ""
                },
                "aws_iam_group_membership.cloudsearch": {
                    "type": "aws_iam_group_membership",
                    "depends_on": [
                        "aws_iam_group.cloudsearch",
                        "aws_iam_user.alexey_zotov",
                        "aws_iam_user.benji_smith",
                        "aws_iam_user.robert_browning"
                    ],
                    "primary": {
                        "id": "cloudsearch",
                        "attributes": {
                            "group": "cloudsearch",
                            "id": "cloudsearch",
                            "name": "cloudsearch",
                            "users.#": "3",
                            "users.2181010736": "robert.browning",
                            "users.2599537378": "benji.smith",
                            "users.3940052921": "alexey.zotov"
                        },
                        "meta": {},
                        "tainted": false
                    },
                    "deposed": [],
                    "provider": ""
                },
                "aws_iam_group_membership.cloudsearch-administrator": {
                    "type": "aws_iam_group_membership",
                    "depends_on": [
                        "aws_iam_group.cloudsearch-administrator",
                        "aws_iam_user.alexey_zotov",
                        "aws_iam_user.benji_smith",
                        "aws_iam_user.robert_browning"
                    ],
                    "primary": {
                        "id": "cloudsearch-administrator",
                        "attributes": {
                            "group": "cloudsearch-administrator",
                            "id": "cloudsearch-administrator",
                            "name": "cloudsearch-administrator",
                            "users.#": "3",
                            "users.2181010736": "robert.browning",
                            "users.2599537378": "benji.smith",
                            "users.3940052921": "alexey.zotov"
                        },
                        "meta": {},
                        "tainted": false
                    },
                    "deposed": [],
                    "provider": ""
                },
                "aws_iam_group_membership.data": {
                    "type": "aws_iam_group_membership",
                    "depends_on": [
                        "aws_iam_group.data",
                        "aws_iam_user.boris_yakovito",
                        "aws_iam_user.chris_valaas",
                        "aws_iam_user.ed_snajder",
                        "aws_iam_user.gautam_manohar",
                        "aws_iam_user.manu_kaliprasad",
                        "aws_iam_user.mario_marin",
                        "aws_iam_user.muzammil_sayed",
                        "aws_iam_user.sergei_shnerson",
                        "aws_iam_user.tim_dooher"
                    ],
                    "primary": {
                        "id": "data_membership",
                        "attributes": {
                            "group": "data",
                            "id": "data_membership",
                            "name": "data_membership",
                            "users.#": "9",
                            "users.1504571503": "boris.yakovito",
                            "users.1953894280": "manu.kaliprasad",
                            "users.2231999215": "chris.valaas",
                            "users.2391735924": "gautam.manohar",
                            "users.299637310": "muzammil.sayed",
                            "users.3487499910": "ed.snajder",
                            "users.787010816": "sergei.shnerson",
                            "users.864277039": "tim.dooher",
                            "users.875761153": "mario.marin"
                        },
                        "meta": {},
                        "tainted": false
                    },
                    "deposed": [],
                    "provider": ""
                },
                "aws_iam_group_membership.data-administrator": {
                    "type": "aws_iam_group_membership",
                    "depends_on": [
                        "aws_iam_group.data-administrator",
                        "aws_iam_user.chris_valaas",
                        "aws_iam_user.daniel_harada",
                        "aws_iam_user.david_sundberg",
                        "aws_iam_user.devon_peters",
                        "aws_iam_user.ed_snajder",
                        "aws_iam_user.gautam_manohar",
                        "aws_iam_user.manu_kaliprasad",
                        "aws_iam_user.mario_marin",
                        "aws_iam_user.muzammil_sayed",
                        "aws_iam_user.niv_basson",
                        "aws_iam_user.sergei_shnerson",
                        "aws_iam_user.shaun_kasperowicz",
                        "aws_iam_user.sylvester_mitchell",
                        "aws_iam_user.tim_dooher"
                    ],
                    "primary": {
                        "id": "data-administrator",
                        "attributes": {
                            "group": "data-administrator",
                            "id": "data-administrator",
                            "name": "data-administrator",
                            "users.#": "14",
                            "users.1813102682": "sylvester.mitchell",
                            "users.1953894280": "manu.kaliprasad",
                            "users.2010648718": "devon.peters",
                            "users.2231999215": "chris.valaas",
                            "users.2391735924": "gautam.manohar",
                            "users.2690224848": "daniel.harada",
                            "users.2951062396": "niv.basson",
                            "users.299637310": "muzammil.sayed",
                            "users.3351846083": "shaun.kasperowicz",
                            "users.3487499910": "ed.snajder",
                            "users.787010816": "sergei.shnerson",
                            "users.864277039": "tim.dooher",
                            "users.875761153": "mario.marin",
                            "users.911279144": "david.sundberg"
                        },
                        "meta": {},
                        "tainted": false
                    },
                    "deposed": [],
                    "provider": ""
                },
                "aws_iam_group_membership.data-poweruser": {
                    "type": "aws_iam_group_membership",
                    "depends_on": [
                        "aws_iam_group.data-poweruser"
                    ],
                    "primary": {
                        "id": "data-poweruser",
                        "attributes": {
                            "group": "data-poweruser",
                            "id": "data-poweruser",
                            "name": "data-poweruser",
                            "users.#": "0"
                        },
                        "meta": {},
                        "tainted": false
                    },
                    "deposed": [],
                    "provider": ""
                },
                "aws_iam_group_membership.data-readonly": {
                    "type": "aws_iam_group_membership",
                    "depends_on": [
                        "aws_iam_group.data-readonly"
                    ],
                    "primary": {
                        "id": "data-readonly",
                        "attributes": {
                            "group": "data-readonly",
                            "id": "data-readonly",
                            "name": "data-readonly",
                            "users.#": "0"
                        },
                        "meta": {},
                        "tainted": false
                    },
                    "deposed": [],
                    "provider": ""
                },
                "aws_iam_group_membership.governor-administrator": {
                    "type": "aws_iam_group_membership",
                    "depends_on": [
                        "aws_iam_group.governor-administrator",
                        "aws_iam_user.david_sundberg",
                        "aws_iam_user.devon_peters",
                        "aws_iam_user.peter_auv",
                        "aws_iam_user.shaun_kasperowicz",
                        "aws_iam_user.shimran_george",
                        "aws_iam_user.sylvester_mitchell"
                    ],
                    "primary": {
                        "id": "governor-administrator",
                        "attributes": {
                            "group": "governor-administrator",
                            "id": "governor-administrator",
                            "name": "governor-administrator",
                            "users.#": "6",
                            "users.1813102682": "sylvester.mitchell",
                            "users.2010648718": "devon.peters",
                            "users.2944106618": "peter.auv",
                            "users.3117330373": "shimran.george",
                            "users.3351846083": "shaun.kasperowicz",
                            "users.911279144": "david.sundberg"
                        },
                        "meta": {},
                        "tainted": false
                    },
                    "deposed": [],
                    "provider": ""
                },
                "aws_iam_group_membership.hops": {
                    "type": "aws_iam_group_membership",
                    "depends_on": [
                        "aws_iam_group.hops",
                        "aws_iam_user.shimran_george"
                    ],
                    "primary": {
                        "id": "hops_membership",
                        "attributes": {
                            "group": "hops",
                            "id": "hops_membership",
                            "name": "hops_membership",
                            "users.#": "1",
                            "users.3117330373": "shimran.george"
                        },
                        "meta": {},
                        "tainted": false
                    },
                    "deposed": [],
                    "provider": ""
                },
                "aws_iam_group_membership.hops-pipeline-roles": {
                    "type": "aws_iam_group_membership",
                    "depends_on": [
                        "aws_iam_group.hops-pipeline-roles",
                        "aws_iam_user.shimran_george"
                    ],
                    "primary": {
                        "id": "hops-pipeline-roles-membership",
                        "attributes": {
                            "group": "hops-pipeline-roles",
                            "id": "hops-pipeline-roles-membership",
                            "name": "hops-pipeline-roles-membership",
                            "users.#": "1",
                            "users.3117330373": "shimran.george"
                        },
                        "meta": {},
                        "tainted": false
                    },
                    "deposed": [],
                    "provider": ""
                },
                "aws_iam_group_membership.hosting-pipeline-administrator": {
                    "type": "aws_iam_group_membership",
                    "depends_on": [
                        "aws_iam_group.hosting-pipeline-administrator",
                        "aws_iam_user.adam_luckey",
                        "aws_iam_user.david_sundberg",
                        "aws_iam_user.david_throckmorton",
                        "aws_iam_user.devon_peters",
                        "aws_iam_user.don_forbes",
                        "aws_iam_user.frank_davalos",
                        "aws_iam_user.paul_wroe"
                    ],
                    "primary": {
                        "id": "hosting-pipeline-administrator",
                        "attributes": {
                            "group": "hosting-pipeline-administrator",
                            "id": "hosting-pipeline-administrator",
                            "name": "hosting-pipeline-administrator",
                            "users.#": "7",
                            "users.2010648718": "devon.peters",
                            "users.2090055335": "don.forbes",
                            "users.2950935706": "adam.luckey",
                            "users.3411808306": "paul.wroe",
                            "users.642783974": "frank.davalos",
                            "users.86541701": "david.throckmorton",
                            "users.911279144": "david.sundberg"
                        },
                        "meta": {},
                        "tainted": false
                    },
                    "deposed": [],
                    "provider": ""
                },
                "aws_iam_group_membership.hosting-pipeline-poweruser": {
                    "type": "aws_iam_group_membership",
                    "depends_on": [
                        "aws_iam_group.hosting-pipeline-poweruser"
                    ],
                    "primary": {
                        "id": "hosting-pipeline-poweruser",
                        "attributes": {
                            "group": "hosting-pipeline-poweruser",
                            "id": "hosting-pipeline-poweruser",
                            "name": "hosting-pipeline-poweruser",
                            "users.#": "0"
                        },
                        "meta": {},
                        "tainted": false
                    },
                    "deposed": [],
                    "provider": ""
                },
                "aws_iam_group_membership.hosting-pipeline-readonly": {
                    "type": "aws_iam_group_membership",
                    "depends_on": [
                        "aws_iam_group.hosting-pipeline-readonly"
                    ],
                    "primary": {
                        "id": "hosting-pipeline-readonly",
                        "attributes": {
                            "group": "hosting-pipeline-readonly",
                            "id": "hosting-pipeline-readonly",
                            "name": "hosting-pipeline-readonly",
                            "users.#": "0"
                        },
                        "meta": {},
                        "tainted": false
                    },
                    "deposed": [],
                    "provider": ""
                },
                "aws_iam_group_membership.iaas": {
                    "type": "aws_iam_group_membership",
                    "depends_on": [
                        "aws_iam_group.iaas",
                        "aws_iam_user.david_sundberg",
                        "aws_iam_user.devon_peters",
                        "aws_iam_user.don_forbes",
                        "aws_iam_user.peter_auv",
                        "aws_iam_user.shaun_kasperowicz",
                        "aws_iam_user.shimran_george",
                        "aws_iam_user.sylvester_mitchell"
                    ],
                    "primary": {
                        "id": "iaas_membership",
                        "attributes": {
                            "group": "iaas",
                            "id": "iaas_membership",
                            "name": "iaas_membership",
                            "users.#": "7",
                            "users.1813102682": "sylvester.mitchell",
                            "users.2010648718": "devon.peters",
                            "users.2090055335": "don.forbes",
                            "users.2944106618": "peter.auv",
                            "users.3117330373": "shimran.george",
                            "users.3351846083": "shaun.kasperowicz",
                            "users.911279144": "david.sundberg"
                        },
                        "meta": {},
                        "tainted": false
                    },
                    "deposed": [],
                    "provider": ""
                },
                "aws_iam_group_membership.infra-administrator": {
                    "type": "aws_iam_group_membership",
                    "depends_on": [
                        "aws_iam_group.infra-administrator",
                        "aws_iam_user.david_sundberg",
                        "aws_iam_user.devon_peters",
                        "aws_iam_user.niv_basson",
                        "aws_iam_user.peter_auv",
                        "aws_iam_user.shaun_kasperowicz",
                        "aws_iam_user.shimran_george",
                        "aws_iam_user.sylvester_mitchell"
                    ],
                    "primary": {
                        "id": "infra-administrator",
                        "attributes": {
                            "group": "infra-administrator",
                            "id": "infra-administrator",
                            "name": "infra-administrator",
                            "users.#": "7",
                            "users.1813102682": "sylvester.mitchell",
                            "users.2010648718": "devon.peters",
                            "users.2944106618": "peter.auv",
                            "users.2951062396": "niv.basson",
                            "users.3117330373": "shimran.george",
                            "users.3351846083": "shaun.kasperowicz",
                            "users.911279144": "david.sundberg"
                        },
                        "meta": {},
                        "tainted": false
                    },
                    "deposed": [],
                    "provider": ""
                },
                "aws_iam_group_membership.infra-poweruser": {
                    "type": "aws_iam_group_membership",
                    "depends_on": [
                        "aws_iam_group.infra-poweruser"
                    ],
                    "primary": {
                        "id": "infra-poweruser",
                        "attributes": {
                            "group": "infra-poweruser",
                            "id": "infra-poweruser",
                            "name": "infra-poweruser",
                            "users.#": "0"
                        },
                        "meta": {},
                        "tainted": false
                    },
                    "deposed": [],
                    "provider": ""
                },
                "aws_iam_group_membership.infra-readonly": {
                    "type": "aws_iam_group_membership",
                    "depends_on": [
                        "aws_iam_group.infra-readonly"
                    ],
                    "primary": {
                        "id": "infra-readonly",
                        "attributes": {
                            "group": "infra-readonly",
                            "id": "infra-readonly",
                            "name": "infra-readonly",
                            "users.#": "0"
                        },
                        "meta": {},
                        "tainted": false
                    },
                    "deposed": [],
                    "provider": ""
                },
                "aws_iam_group_membership.israel-administrator": {
                    "type": "aws_iam_group_membership",
                    "depends_on": [
                        "aws_iam_group.israel-administrator",
                        "aws_iam_user.bar_avidan",
                        "aws_iam_user.david_meoded",
                        "aws_iam_user.dor_graidy",
                        "aws_iam_user.lior_tager",
                        "aws_iam_user.matan_shukry",
                        "aws_iam_user.michael_lilley",
                        "aws_iam_user.moria_cohen",
                        "aws_iam_user.niv_basson",
                        "aws_iam_user.rami_moshe",
                        "aws_iam_user.shiran_dadon",
                        "aws_iam_user.slava_fiodorov",
                        "aws_iam_user.stas_panchenko",
                        "aws_iam_user.stas_spivak",
                        "aws_iam_user.tejinder_jheeta",
                        "aws_iam_user.tom_doron",
                        "aws_iam_user.tzvika_stein",
                        "aws_iam_user.yuval_varkel"
                    ],
                    "primary": {
                        "id": "israel-administrator",
                        "attributes": {
                            "group": "israel-administrator",
                            "id": "israel-administrator",
                            "name": "israel-administrator",
                            "users.#": "17",
                            "users.1171872464": "yuval.varkel",
                            "users.1549290760": "tejinder.jheeta",
                            "users.1716648364": "bar.avidan",
                            "users.206321038": "michael.lilley",
                            "users.2242366674": "tom.doron",
                            "users.2553210135": "moria.cohen",
                            "users.2585373939": "david.meoded",
                            "users.2951062396": "niv.basson",
                            "users.3013402010": "dor.graidy",
                            "users.3127658332": "matan.shukry",
                            "users.3181896755": "stas.panchenko",
                            "users.3239063636": "stas.spivak",
                            "users.3697480679": "tzvika.stein",
                            "users.4026742358": "slava.fiodorov",
                            "users.4091160602": "lior.tager",
                            "users.4142171894": "rami.moshe",
                            "users.591842308": "shiran.dadon"
                        },
                        "meta": {},
                        "tainted": false
                    },
                    "deposed": [],
                    "provider": ""
                },
                "aws_iam_group_membership.israel_dev": {
                    "type": "aws_iam_group_membership",
                    "depends_on": [
                        "aws_iam_group.israel_dev",
                        "aws_iam_user.bar_avidan",
                        "aws_iam_user.david_meoded",
                        "aws_iam_user.dor_graidy",
                        "aws_iam_user.lior_tager",
                        "aws_iam_user.matan_shukry",
                        "aws_iam_user.michael_lilley",
                        "aws_iam_user.moria_cohen",
                        "aws_iam_user.nikita_starchenko",
                        "aws_iam_user.omer_yair",
                        "aws_iam_user.rami_moshe",
                        "aws_iam_user.shiran_dadon",
                        "aws_iam_user.slava_fiodorov",
                        "aws_iam_user.stas_panchenko",
                        "aws_iam_user.stas_spivak",
                        "aws_iam_user.tejinder_jheeta",
                        "aws_iam_user.tom_doron",
                        "aws_iam_user.tzvika_stein",
                        "aws_iam_user.yuval_varkel"
                    ],
                    "primary": {
                        "id": "israel_dev_membership",
                        "attributes": {
                            "group": "israel_dev",
                            "id": "israel_dev_membership",
                            "name": "israel_dev_membership",
                            "users.#": "18",
                            "users.1171872464": "yuval.varkel",
                            "users.1494581007": "nikita.starchenko",
                            "users.1549290760": "tejinder.jheeta",
                            "users.1716648364": "bar.avidan",
                            "users.206321038": "michael.lilley",
                            "users.2242366674": "tom.doron",
                            "users.2553210135": "moria.cohen",
                            "users.2585373939": "david.meoded",
                            "users.2596159395": "omer.yair",
                            "users.3013402010": "dor.graidy",
                            "users.3127658332": "matan.shukry",
                            "users.3181896755": "stas.panchenko",
                            "users.3239063636": "stas.spivak",
                            "users.3697480679": "tzvika.stein",
                            "users.4026742358": "slava.fiodorov",
                            "users.4091160602": "lior.tager",
                            "users.4142171894": "rami.moshe",
                            "users.591842308": "shiran.dadon"
                        },
                        "meta": {},
                        "tainted": false
                    },
                    "deposed": [],
                    "provider": ""
                },
                "aws_iam_group_membership.israel_devops": {
                    "type": "aws_iam_group_membership",
                    "depends_on": [
                        "aws_iam_group.israel_devops",
                        "aws_iam_user.niv_basson"
                    ],
                    "primary": {
                        "id": "israel_devops_membership",
                        "attributes": {
                            "group": "israel_devops",
                            "id": "israel_devops_membership",
                            "name": "israel_devops_membership",
                            "users.#": "1",
                            "users.2951062396": "niv.basson"
                        },
                        "meta": {},
                        "tainted": false
                    },
                    "deposed": [],
                    "provider": ""
                },
                "aws_iam_group_membership.jcx": {
                    "type": "aws_iam_group_membership",
                    "depends_on": [
                        "aws_iam_group.jcx",
                        "aws_iam_user.aaron_shaver",
                        "aws_iam_user.benjamin_sherman",
                        "aws_iam_user.manimaran_selvan",
                        "aws_iam_user.matt_pate",
                        "aws_iam_user.niels_bischof",
                        "aws_iam_user.sana_majeed",
                        "aws_iam_user.srikanth_gauthareddy",
                        "aws_iam_user.zsolt_katona"
                    ],
                    "primary": {
                        "id": "jcx_membership",
                        "attributes": {
                            "group": "jcx",
                            "id": "jcx_membership",
                            "name": "jcx_membership",
                            "users.#": "8",
                            "users.112314681": "manimaran.selvan",
                            "users.2112500980": "sana.majeed",
                            "users.2455592507": "srikanth.gauthareddy",
                            "users.305207769": "benjamin.sherman",
                            "users.3935958480": "zsolt.kotana",
                            "users.4120957020": "matt.pate",
                            "users.594414845": "aaron.shaver",
                            "users.626229044": "niels.bischof"
                        },
                        "meta": {},
                        "tainted": false
                    },
                    "deposed": [],
                    "provider": ""
                },
                "aws_iam_group_membership.jcx-administrator": {
                    "type": "aws_iam_group_membership",
                    "depends_on": [
                        "aws_iam_group.jcx-administrator",
                        "aws_iam_user.aaron_shaver",
                        "aws_iam_user.benjamin_sherman",
                        "aws_iam_user.matt_pate",
                        "aws_iam_user.niels_bischof",
                        "aws_iam_user.peter_auv",
                        "aws_iam_user.sana_majeed",
                        "aws_iam_user.shaun_kasperowicz",
                        "aws_iam_user.shimran_george",
                        "aws_iam_user.srikanth_gauthareddy",
                        "aws_iam_user.sylvester_mitchell",
                        "aws_iam_user.zsolt_katona"
                    ],
                    "primary": {
                        "id": "jcx-administrator",
                        "attributes": {
                            "group": "jcx-administrator",
                            "id": "jcx-administrator",
                            "name": "jcx-administrator",
                            "users.#": "11",
                            "users.1813102682": "sylvester.mitchell",
                            "users.2112500980": "sana.majeed",
                            "users.2455592507": "srikanth.gauthareddy",
                            "users.2944106618": "peter.auv",
                            "users.305207769": "benjamin.sherman",
                            "users.3117330373": "shimran.george",
                            "users.3351846083": "shaun.kasperowicz",
                            "users.3935958480": "zsolt.kotana",
                            "users.4120957020": "matt.pate",
                            "users.594414845": "aaron.shaver",
                            "users.626229044": "niels.bischof"
                        },
                        "meta": {},
                        "tainted": false
                    },
                    "deposed": [],
                    "provider": ""
                },
                "aws_iam_group_membership.jcx-pipeline-roles": {
                    "type": "aws_iam_group_membership",
                    "depends_on": [
                        "aws_iam_group.jcx-pipeline-roles",
                        "aws_iam_user.aaron_shaver",
                        "aws_iam_user.benjamin_sherman",
                        "aws_iam_user.manimaran_selvan",
                        "aws_iam_user.matt_pate",
                        "aws_iam_user.niels_bischof",
                        "aws_iam_user.srikanth_gauthareddy",
                        "aws_iam_user.zsolt_katona"
                    ],
                    "primary": {
                        "id": "jcx-pipeline-roles-membership",
                        "attributes": {
                            "group": "jcx-pipeline-roles",
                            "id": "jcx-pipeline-roles-membership",
                            "name": "jcx-pipeline-roles-membership",
                            "users.#": "7",
                            "users.112314681": "manimaran.selvan",
                            "users.2455592507": "srikanth.gauthareddy",
                            "users.305207769": "benjamin.sherman",
                            "users.3935958480": "zsolt.kotana",
                            "users.4120957020": "matt.pate",
                            "users.594414845": "aaron.shaver",
                            "users.626229044": "niels.bischof"
                        },
                        "meta": {},
                        "tainted": false
                    },
                    "deposed": [],
                    "provider": ""
                },
                "aws_iam_group_membership.jcx-poweruser": {
                    "type": "aws_iam_group_membership",
                    "depends_on": [
                        "aws_iam_group.jcx-poweruser",
                        "aws_iam_user.benjamin_sherman",
                        "aws_iam_user.matt_pate"
                    ],
                    "primary": {
                        "id": "jcx-poweruser",
                        "attributes": {
                            "group": "jcx-poweruser",
                            "id": "jcx-poweruser",
                            "name": "jcx-poweruser",
                            "users.#": "2",
                            "users.305207769": "benjamin.sherman",
                            "users.4120957020": "matt.pate"
                        },
                        "meta": {},
                        "tainted": false
                    },
                    "deposed": [],
                    "provider": ""
                },
                "aws_iam_group_membership.jcx-readonly": {
                    "type": "aws_iam_group_membership",
                    "depends_on": [
                        "aws_iam_group.jcx-readonly"
                    ],
                    "primary": {
                        "id": "jcx-readonly",
                        "attributes": {
                            "group": "jcx-readonly",
                            "id": "jcx-readonly",
                            "name": "jcx-readonly",
                            "users.#": "0"
                        },
                        "meta": {},
                        "tainted": false
                    },
                    "deposed": [],
                    "provider": ""
                },
                "aws_iam_group_membership.jive-w-administrator": {
                    "type": "aws_iam_group_membership",
                    "depends_on": [
                        "aws_iam_group.jive-w-administrator",
                        "aws_iam_user.david_sundberg",
                        "aws_iam_user.peter_auv",
                        "aws_iam_user.shaun_kasperowicz",
                        "aws_iam_user.sylvester_mitchell"
                    ],
                    "primary": {
                        "id": "jive-w-administrator",
                        "attributes": {
                            "group": "jive-w-administrator",
                            "id": "jive-w-administrator",
                            "name": "jive-w-administrator",
                            "users.#": "4",
                            "users.1813102682": "sylvester.mitchell",
                            "users.2944106618": "peter.auv",
                            "users.3351846083": "shaun.kasperowicz",
                            "users.911279144": "david.sundberg"
                        },
                        "meta": {},
                        "tainted": false
                    },
                    "deposed": [],
                    "provider": ""
                },
                "aws_iam_group_membership.mako": {
                    "type": "aws_iam_group_membership",
                    "depends_on": [
                        "aws_iam_group.mako",
                        "aws_iam_user.bruce_downs"
                    ],
                    "primary": {
                        "id": "mako_membership",
                        "attributes": {
                            "group": "mako",
                            "id": "mako_membership",
                            "name": "mako_membership",
                            "users.#": "2",
                            "users.3744167681": "andras.liter",
                            "users.4257268692": "bruce.downs"
                        },
                        "meta": {},
                        "tainted": false
                    },
                    "deposed": [],
                    "provider": ""
                },
                "aws_iam_group_membership.mako-administrator": {
                    "type": "aws_iam_group_membership",
                    "depends_on": [
                        "aws_iam_group.mako-administrator",
                        "aws_iam_user.adam_luckey",
                        "aws_iam_user.david_throckmorton",
                        "aws_iam_user.frank_davalos",
                        "aws_iam_user.paul_wroe",
                        "aws_iam_user.shimran_george"
                    ],
                    "primary": {
                        "id": "mako-administrator",
                        "attributes": {
                            "group": "mako-administrator",
                            "id": "mako-administrator",
                            "name": "mako-administrator",
                            "users.#": "6",
                            "users.2950935706": "adam.luckey",
                            "users.3117330373": "shimran.george",
                            "users.3411808306": "paul.wroe",
                            "users.3744167681": "andras.liter",
                            "users.642783974": "frank.davalos",
                            "users.86541701": "david.throckmorton"
                        },
                        "meta": {},
                        "tainted": false
                    },
                    "deposed": [],
                    "provider": ""
                },
                "aws_iam_group_membership.mako-pipeline-roles": {
                    "type": "aws_iam_group_membership",
                    "depends_on": [
                        "aws_iam_group.mako-pipeline-roles"
                    ],
                    "primary": {
                        "id": "mako-pipeline-roles-membership",
                        "attributes": {
                            "group": "mako-pipeline-roles",
                            "id": "mako-pipeline-roles-membership",
                            "name": "mako-pipeline-roles-membership",
                            "users.#": "0"
                        },
                        "meta": {},
                        "tainted": false
                    },
                    "deposed": [],
                    "provider": ""
                },
                "aws_iam_group_membership.microservices-administrator": {
                    "type": "aws_iam_group_membership",
                    "depends_on": [
                        "aws_iam_group.microservices-administrator",
                        "aws_iam_user.chris_valaas",
                        "aws_iam_user.daniel_harada",
                        "aws_iam_user.david_sundberg",
                        "aws_iam_user.devon_peters",
                        "aws_iam_user.ed_snajder",
                        "aws_iam_user.gautam_manohar",
                        "aws_iam_user.murali_seetharaman",
                        "aws_iam_user.niv_basson",
                        "aws_iam_user.peter_auv",
                        "aws_iam_user.shaun_kasperowicz",
                        "aws_iam_user.shimran_george",
                        "aws_iam_user.sylvester_mitchell",
                        "aws_iam_user.tim_dooher",
                        "aws_iam_user.yuval_varkel"
                    ],
                    "primary": {
                        "id": "microservices-administrator",
                        "attributes": {
                            "group": "microservices-administrator",
                            "id": "microservices-administrator",
                            "name": "microservices-administrator",
                            "users.#": "14",
                            "users.1171872464": "yuval.varkel",
                            "users.1813102682": "sylvester.mitchell",
                            "users.2010648718": "devon.peters",
                            "users.2231999215": "chris.valaas",
                            "users.2391735924": "gautam.manohar",
                            "users.2690224848": "daniel.harada",
                            "users.2944106618": "peter.auv",
                            "users.2951062396": "niv.basson",
                            "users.3117330373": "shimran.george",
                            "users.3351846083": "shaun.kasperowicz",
                            "users.3487499910": "ed.snajder",
                            "users.492189461": "murali.seetharaman",
                            "users.864277039": "tim.dooher",
                            "users.911279144": "david.sundberg"
                        },
                        "meta": {},
                        "tainted": false
                    },
                    "deposed": [],
                    "provider": ""
                },
                "aws_iam_group_membership.microservices-poweruser": {
                    "type": "aws_iam_group_membership",
                    "depends_on": [
                        "aws_iam_group.microservices-poweruser",
                        "aws_iam_user.bar_avidan",
                        "aws_iam_user.david_brown",
                        "aws_iam_user.matan_shukry",
                        "aws_iam_user.shiran_dadon",
                        "aws_iam_user.stas_spivak",
                        "aws_iam_user.tzvika_stein",
                        "aws_iam_user.yuval_varkel"
                    ],
                    "primary": {
                        "id": "microservices-poweruser",
                        "attributes": {
                            "group": "microservices-poweruser",
                            "id": "microservices-poweruser",
                            "name": "microservices-poweruser",
                            "users.#": "7",
                            "users.1171872464": "yuval.varkel",
                            "users.1716648364": "bar.avidan",
                            "users.282481966": "david.brown",
                            "users.3127658332": "matan.shukry",
                            "users.3239063636": "stas.spivak",
                            "users.3697480679": "tzvika.stein",
                            "users.591842308": "shiran.dadon"
                        },
                        "meta": {},
                        "tainted": false
                    },
                    "deposed": [],
                    "provider": ""
                },
                "aws_iam_group_membership.microservices-readonly": {
                    "type": "aws_iam_group_membership",
                    "depends_on": [
                        "aws_iam_group.microservices-readonly",
                        "aws_iam_user.david_meoded",
                        "aws_iam_user.dor_graidy",
                        "aws_iam_user.lior_tager",
                        "aws_iam_user.michael_lilley",
                        "aws_iam_user.moria_cohen",
                        "aws_iam_user.rami_moshe",
                        "aws_iam_user.shiran_dadon",
                        "aws_iam_user.stas_panchenko",
                        "aws_iam_user.tom_doron"
                    ],
                    "primary": {
                        "id": "microservices-readonly",
                        "attributes": {
                            "group": "microservices-readonly",
                            "id": "microservices-readonly",
                            "name": "microservices-readonly",
                            "users.#": "9",
                            "users.206321038": "michael.lilley",
                            "users.2242366674": "tom.doron",
                            "users.2553210135": "moria.cohen",
                            "users.2585373939": "david.meoded",
                            "users.3013402010": "dor.graidy",
                            "users.3181896755": "stas.panchenko",
                            "users.4091160602": "lior.tager",
                            "users.4142171894": "rami.moshe",
                            "users.591842308": "shiran.dadon"
                        },
                        "meta": {},
                        "tainted": false
                    },
                    "deposed": [],
                    "provider": ""
                },
                "aws_iam_group_membership.partnercollaboration-administrator": {
                    "type": "aws_iam_group_membership",
                    "depends_on": [
                        "aws_iam_group.partnercollaboration-administrator",
                        "aws_iam_user.peter_auv"
                    ],
                    "primary": {
                        "id": "partnercollaboration-administrator",
                        "attributes": {
                            "group": "partnercollaboration-administrator",
                            "id": "partnercollaboration-administrator",
                            "name": "partnercollaboration-administrator",
                            "users.#": "1",
                            "users.2944106618": "peter.auv"
                        },
                        "meta": {},
                        "tainted": false
                    },
                    "deposed": [],
                    "provider": ""
                },
                "aws_iam_group_membership.partnercollaboration-poweruser": {
                    "type": "aws_iam_group_membership",
                    "depends_on": [
                        "aws_iam_group.partnercollaboration-poweruser"
                    ],
                    "primary": {
                        "id": "partnercollaboration-poweruser",
                        "attributes": {
                            "group": "partnercollaboration-poweruser",
                            "id": "partnercollaboration-poweruser",
                            "name": "partnercollaboration-poweruser",
                            "users.#": "0"
                        },
                        "meta": {},
                        "tainted": false
                    },
                    "deposed": [],
                    "provider": ""
                },
                "aws_iam_group_membership.partnercollaboration-readonly": {
                    "type": "aws_iam_group_membership",
                    "depends_on": [
                        "aws_iam_group.partnercollaboration-readonly"
                    ],
                    "primary": {
                        "id": "partnercollaboration-readonly",
                        "attributes": {
                            "group": "partnercollaboration-readonly",
                            "id": "partnercollaboration-readonly",
                            "name": "partnercollaboration-readonly",
                            "users.#": "0"
                        },
                        "meta": {},
                        "tainted": false
                    },
                    "deposed": [],
                    "provider": ""
                },
                "aws_iam_group_membership.ps": {
                    "type": "aws_iam_group_membership",
                    "depends_on": [
                        "aws_iam_group.ps",
                        "aws_iam_user.amber_orenstein",
                        "aws_iam_user.anthony_mack",
                        "aws_iam_user.arnold_benson",
                        "aws_iam_user.austen_rustrum",
                        "aws_iam_user.drew_teeter",
                        "aws_iam_user.graden_gerig",
                        "aws_iam_user.matthew_damante",
                        "aws_iam_user.nick_sherred",
                        "aws_iam_user.scott_romney"
                    ],
                    "primary": {
                        "id": "ps",
                        "attributes": {
                            "group": "ps",
                            "id": "ps",
                            "name": "ps",
                            "users.#": "9",
                            "users.1020438021": "scott.romney",
                            "users.1190009814": "anthony.mack",
                            "users.1849024757": "drew.teeter",
                            "users.2030539728": "austen.rustrum",
                            "users.2526354851": "arnold.benson",
                            "users.2993431452": "amber.orenstein",
                            "users.3618233946": "graden.gerig",
                            "users.3934046307": "matthew.damante",
                            "users.903237788": "nick.sherred"
                        },
                        "meta": {},
                        "tainted": false
                    },
                    "deposed": [],
                    "provider": ""
                },
                "aws_iam_group_membership.ps-administrator": {
                    "type": "aws_iam_group_membership",
                    "depends_on": [
                        "aws_iam_group.ps-administrator",
                        "aws_iam_user.david_sundberg",
                        "aws_iam_user.devon_peters",
                        "aws_iam_user.shaun_kasperowicz",
                        "aws_iam_user.sylvester_mitchell"
                    ],
                    "primary": {
                        "id": "ps-administrator",
                        "attributes": {
                            "group": "ps-administrator",
                            "id": "ps-administrator",
                            "name": "ps-administrator",
                            "users.#": "4",
                            "users.1813102682": "sylvester.mitchell",
                            "users.2010648718": "devon.peters",
                            "users.3351846083": "shaun.kasperowicz",
                            "users.911279144": "david.sundberg"
                        },
                        "meta": {},
                        "tainted": false
                    },
                    "deposed": [],
                    "provider": ""
                },
                "aws_iam_group_membership.ps-poweruser": {
                    "type": "aws_iam_group_membership",
                    "depends_on": [
                        "aws_iam_group.ps-poweruser",
                        "aws_iam_user.amber_orenstein",
                        "aws_iam_user.anthony_mack",
                        "aws_iam_user.arnold_benson",
                        "aws_iam_user.austen_rustrum",
                        "aws_iam_user.drew_teeter",
                        "aws_iam_user.graden_gerig",
                        "aws_iam_user.matthew_damante",
                        "aws_iam_user.nick_sherred",
                        "aws_iam_user.scott_romney"
                    ],
                    "primary": {
                        "id": "ps-poweruser",
                        "attributes": {
                            "group": "ps-poweruser",
                            "id": "ps-poweruser",
                            "name": "ps-poweruser",
                            "users.#": "9",
                            "users.1020438021": "scott.romney",
                            "users.1190009814": "anthony.mack",
                            "users.1849024757": "drew.teeter",
                            "users.2030539728": "austen.rustrum",
                            "users.2526354851": "arnold.benson",
                            "users.2993431452": "amber.orenstein",
                            "users.3618233946": "graden.gerig",
                            "users.3934046307": "matthew.damante",
                            "users.903237788": "nick.sherred"
                        },
                        "meta": {},
                        "tainted": false
                    },
                    "deposed": [],
                    "provider": ""
                },
                "aws_iam_group_membership.ps-readonly": {
                    "type": "aws_iam_group_membership",
                    "depends_on": [
                        "aws_iam_group.ps-readonly"
                    ],
                    "primary": {
                        "id": "ps-readonly",
                        "attributes": {
                            "group": "ps-readonly",
                            "id": "ps-readonly",
                            "name": "ps-readonly",
                            "users.#": "0"
                        },
                        "meta": {},
                        "tainted": false
                    },
                    "deposed": [],
                    "provider": ""
                },
                "aws_iam_group_membership.ps-sandbox-administrator": {
                    "type": "aws_iam_group_membership",
                    "depends_on": [
                        "aws_iam_group.ps-sandbox-administrator",
                        "aws_iam_user.arnold_benson",
                        "aws_iam_user.erwin_driessen",
                        "aws_iam_user.matt_hill",
                        "aws_iam_user.peter_auv",
                        "aws_iam_user.sai_kolli"
                    ],
                    "primary": {
                        "id": "ps-sandbox-administrator",
                        "attributes": {
                            "group": "ps-sandbox-administrator",
                            "id": "ps-sandbox-administrator",
                            "name": "ps-sandbox-administrator",
                            "users.#": "5",
                            "users.2514083433": "matt.hill",
                            "users.2526354851": "arnold.benson",
                            "users.2944106618": "peter.auv",
                            "users.564283633": "sai.kolli",
                            "users.838418258": "erwin.driessen"
                        },
                        "meta": {},
                        "tainted": false
                    },
                    "deposed": [],
                    "provider": ""
                },
                "aws_iam_group_membership.ps-sandbox-poweruser": {
                    "type": "aws_iam_group_membership",
                    "depends_on": [
                        "aws_iam_group.ps-sandbox-poweruser"
                    ],
                    "primary": {
                        "id": "ps-sandbox-poweruser",
                        "attributes": {
                            "group": "ps-sandbox-poweruser",
                            "id": "ps-sandbox-poweruser",
                            "name": "ps-sandbox-poweruser",
                            "users.#": "0"
                        },
                        "meta": {},
                        "tainted": false
                    },
                    "deposed": [],
                    "provider": ""
                },
                "aws_iam_group_membership.ps-sandbox-readonly": {
                    "type": "aws_iam_group_membership",
                    "depends_on": [
                        "aws_iam_group.ps-sandbox-readonly"
                    ],
                    "primary": {
                        "id": "ps-sandbox-readonly",
                        "attributes": {
                            "group": "ps-sandbox-readonly",
                            "id": "ps-sandbox-readonly",
                            "name": "ps-sandbox-readonly",
                            "users.#": "0"
                        },
                        "meta": {},
                        "tainted": false
                    },
                    "deposed": [],
                    "provider": ""
                },
                "aws_iam_group_membership.reco": {
                    "type": "aws_iam_group_membership",
                    "depends_on": [
                        "aws_iam_group.reco",
                        "aws_iam_user.bruce_downs",
                        "aws_iam_user.craig_mcclanahan",
                        "aws_iam_user.david_brown",
                        "aws_iam_user.murali_seetharaman",
                        "aws_iam_user.rahul_sharma",
                        "aws_iam_user.victor_akinwande"
                    ],
                    "primary": {
                        "id": "reco_membership",
                        "attributes": {
                            "group": "reco",
                            "id": "reco_membership",
                            "name": "reco_membership",
                            "users.#": "6",
                            "users.1489079880": "rahul.sharma",
                            "users.282481966": "david.brown",
                            "users.3890297950": "craig.mcclanahan",
                            "users.4257268692": "bruce.downs",
                            "users.492189461": "murali.seetharaman",
                            "users.801925917": "victor.akinwande"
                        },
                        "meta": {},
                        "tainted": false
                    },
                    "deposed": [],
                    "provider": ""
                },
                "aws_iam_group_membership.reco-administrator": {
                    "type": "aws_iam_group_membership",
                    "depends_on": [
                        "aws_iam_group.reco-administrator",
                        "aws_iam_user.bruce_downs",
                        "aws_iam_user.chris_valaas",
                        "aws_iam_user.david_brown",
                        "aws_iam_user.david_sundberg",
                        "aws_iam_user.devon_peters",
                        "aws_iam_user.ed_snajder",
                        "aws_iam_user.murali_seetharaman",
                        "aws_iam_user.peter_auv",
                        "aws_iam_user.shaun_kasperowicz",
                        "aws_iam_user.sylvester_mitchell",
                        "aws_iam_user.victor_akinwande"
                    ],
                    "primary": {
                        "id": "reco-administrator",
                        "attributes": {
                            "group": "reco-administrator",
                            "id": "reco-administrator",
                            "name": "reco-administrator",
                            "users.#": "11",
                            "users.1813102682": "sylvester.mitchell",
                            "users.2010648718": "devon.peters",
                            "users.2231999215": "chris.valaas",
                            "users.282481966": "david.brown",
                            "users.2944106618": "peter.auv",
                            "users.3351846083": "shaun.kasperowicz",
                            "users.3487499910": "ed.snajder",
                            "users.4257268692": "bruce.downs",
                            "users.492189461": "murali.seetharaman",
                            "users.801925917": "victor.akinwande",
                            "users.911279144": "david.sundberg"
                        },
                        "meta": {},
                        "tainted": false
                    },
                    "deposed": [],
                    "provider": ""
                },
                "aws_iam_group_membership.reco-poweruser": {
                    "type": "aws_iam_group_membership",
                    "depends_on": [
                        "aws_iam_group.reco-poweruser"
                    ],
                    "primary": {
                        "id": "reco-poweruser",
                        "attributes": {
                            "group": "reco-poweruser",
                            "id": "reco-poweruser",
                            "name": "reco-poweruser",
                            "users.#": "0"
                        },
                        "meta": {},
                        "tainted": false
                    },
                    "deposed": [],
                    "provider": ""
                },
                "aws_iam_group_membership.reco-readonly": {
                    "type": "aws_iam_group_membership",
                    "depends_on": [
                        "aws_iam_group.reco-readonly"
                    ],
                    "primary": {
                        "id": "reco-readonly",
                        "attributes": {
                            "group": "reco-readonly",
                            "id": "reco-readonly",
                            "name": "reco-readonly",
                            "users.#": "0"
                        },
                        "meta": {},
                        "tainted": false
                    },
                    "deposed": [],
                    "provider": ""
                },
                "aws_iam_group_membership.reco-sandbox-administrator": {
                    "type": "aws_iam_group_membership",
                    "depends_on": [
                        "aws_iam_group.reco-sandbox-administrator",
                        "aws_iam_user.bruce_downs",
                        "aws_iam_user.craig_mcclanahan",
                        "aws_iam_user.david_brown",
                        "aws_iam_user.murali_seetharaman",
                        "aws_iam_user.peter_auv",
                        "aws_iam_user.rahul_sharma",
                        "aws_iam_user.robert_browning",
                        "aws_iam_user.victor_akinwande"
                    ],
                    "primary": {
                        "id": "reco-sandbox-administrator",
                        "attributes": {
                            "group": "reco-sandbox-administrator",
                            "id": "reco-sandbox-administrator",
                            "name": "reco-sandbox-administrator",
                            "users.#": "8",
                            "users.1489079880": "rahul.sharma",
                            "users.2181010736": "robert.browning",
                            "users.282481966": "david.brown",
                            "users.2944106618": "peter.auv",
                            "users.3890297950": "craig.mcclanahan",
                            "users.4257268692": "bruce.downs",
                            "users.492189461": "murali.seetharaman",
                            "users.801925917": "victor.akinwande"
                        },
                        "meta": {},
                        "tainted": false
                    },
                    "deposed": [],
                    "provider": ""
                },
                "aws_iam_group_membership.reco-sandbox-poweruser": {
                    "type": "aws_iam_group_membership",
                    "depends_on": [
                        "aws_iam_group.reco-sandbox-poweruser"
                    ],
                    "primary": {
                        "id": "reco-sandbox-poweruser",
                        "attributes": {
                            "group": "reco-sandbox-poweruser",
                            "id": "reco-sandbox-poweruser",
                            "name": "reco-sandbox-poweruser",
                            "users.#": "0"
                        },
                        "meta": {},
                        "tainted": false
                    },
                    "deposed": [],
                    "provider": ""
                },
                "aws_iam_group_membership.reco-sandbox-readonly": {
                    "type": "aws_iam_group_membership",
                    "depends_on": [
                        "aws_iam_group.reco-sandbox-readonly"
                    ],
                    "primary": {
                        "id": "reco-sandbox-readonly",
                        "attributes": {
                            "group": "reco-sandbox-readonly",
                            "id": "reco-sandbox-readonly",
                            "name": "reco-sandbox-readonly",
                            "users.#": "0"
                        },
                        "meta": {},
                        "tainted": false
                    },
                    "deposed": [],
                    "provider": ""
                },
                "aws_iam_group_membership.sandbox-membership": {
                    "type": "aws_iam_group_membership",
                    "depends_on": [
                        "aws_iam_group.sandbox",
                        "aws_iam_user.adam_luckey",
                        "aws_iam_user.amber_orenstein",
                        "aws_iam_user.anthony_mack",
                        "aws_iam_user.arnold_benson",
                        "aws_iam_user.austen_rustrum",
                        "aws_iam_user.benjamin_sherman",
                        "aws_iam_user.bruce_downs",
                        "aws_iam_user.chris_valaas",
                        "aws_iam_user.david_throckmorton",
                        "aws_iam_user.drew_teeter",
                        "aws_iam_user.ed_snajder",
                        "aws_iam_user.frank_davalos",
                        "aws_iam_user.graden_gerig",
                        "aws_iam_user.matthew_damante",
                        "aws_iam_user.nick_sherred",
                        "aws_iam_user.paul_wroe",
                        "aws_iam_user.scott_romney",
                        "aws_iam_user.shimran_george",
                        "aws_iam_user.tim_dooher"
                    ],
                    "primary": {
                        "id": "sandbox-membership",
                        "attributes": {
                            "group": "sandbox",
                            "id": "sandbox-membership",
                            "name": "sandbox-membership",
                            "users.#": "19",
                            "users.1020438021": "scott.romney",
                            "users.1190009814": "anthony.mack",
                            "users.1849024757": "drew.teeter",
                            "users.2030539728": "austen.rustrum",
                            "users.2231999215": "chris.valaas",
                            "users.2526354851": "arnold.benson",
                            "users.2950935706": "adam.luckey",
                            "users.2993431452": "amber.orenstein",
                            "users.305207769": "benjamin.sherman",
                            "users.3117330373": "shimran.george",
                            "users.3411808306": "paul.wroe",
                            "users.3487499910": "ed.snajder",
                            "users.3618233946": "graden.gerig",
                            "users.3934046307": "matthew.damante",
                            "users.4257268692": "bruce.downs",
                            "users.642783974": "frank.davalos",
                            "users.864277039": "tim.dooher",
                            "users.86541701": "david.throckmorton",
                            "users.903237788": "nick.sherred"
                        },
                        "meta": {},
                        "tainted": false
                    },
                    "deposed": [],
                    "provider": ""
                },
                "aws_iam_group_membership.sre": {
                    "type": "aws_iam_group_membership",
                    "depends_on": [
                        "aws_iam_group.sre",
                        "aws_iam_user.adam_luckey",
                        "aws_iam_user.david_throckmorton",
                        "aws_iam_user.frank_davalos",
                        "aws_iam_user.paul_wroe"
                    ],
                    "primary": {
                        "id": "sre_membership",
                        "attributes": {
                            "group": "sre",
                            "id": "sre_membership",
                            "name": "sre_membership",
                            "users.#": "4",
                            "users.2950935706": "adam.luckey",
                            "users.3411808306": "paul.wroe",
                            "users.642783974": "frank.davalos",
                            "users.86541701": "david.throckmorton"
                        },
                        "meta": {},
                        "tainted": false
                    },
                    "deposed": [],
                    "provider": ""
                },
                "aws_iam_group_membership.sre-pipeline-roles": {
                    "type": "aws_iam_group_membership",
                    "depends_on": [
                        "aws_iam_group.sre-pipeline-roles",
                        "aws_iam_user.adam_luckey",
                        "aws_iam_user.david_throckmorton",
                        "aws_iam_user.frank_davalos",
                        "aws_iam_user.paul_wroe"
                    ],
                    "primary": {
                        "id": "sre-pipeline-roles-membership",
                        "attributes": {
                            "group": "sre-pipeline-roles",
                            "id": "sre-pipeline-roles-membership",
                            "name": "sre-pipeline-roles-membership",
                            "users.#": "4",
                            "users.2950935706": "adam.luckey",
                            "users.3411808306": "paul.wroe",
                            "users.642783974": "frank.davalos",
                            "users.86541701": "david.throckmorton"
                        },
                        "meta": {},
                        "tainted": false
                    },
                    "deposed": [],
                    "provider": ""
                },
                "aws_iam_group_membership.support": {
                    "type": "aws_iam_group_membership",
                    "depends_on": [
                        "aws_iam_group.support",
                        "aws_iam_user.rick_valdez"
                    ],
                    "primary": {
                        "id": "support",
                        "attributes": {
                            "group": "support",
                            "id": "support",
                            "name": "support",
                            "users.#": "1",
                            "users.2022419087": "rick.valdez"
                        },
                        "meta": {},
                        "tainted": false
                    },
                    "deposed": [],
                    "provider": ""
                },
                "aws_iam_group_membership.support-administrator": {
                    "type": "aws_iam_group_membership",
                    "depends_on": [
                        "aws_iam_group.support-administrator",
                        "aws_iam_user.devon_peters",
                        "aws_iam_user.shaun_kasperowicz"
                    ],
                    "primary": {
                        "id": "support-administrator",
                        "attributes": {
                            "group": "support-administrator",
                            "id": "support-administrator",
                            "name": "support-administrator",
                            "users.#": "2",
                            "users.2010648718": "devon.peters",
                            "users.3351846083": "shaun.kasperowicz"
                        },
                        "meta": {},
                        "tainted": false
                    },
                    "deposed": [],
                    "provider": ""
                },
                "aws_iam_group_membership.support-poweruser": {
                    "type": "aws_iam_group_membership",
                    "depends_on": [
                        "aws_iam_group.support-poweruser"
                    ],
                    "primary": {
                        "id": "support-poweruser",
                        "attributes": {
                            "group": "support-poweruser",
                            "id": "support-poweruser",
                            "name": "support-poweruser",
                            "users.#": "0"
                        },
                        "meta": {},
                        "tainted": false
                    },
                    "deposed": [],
                    "provider": ""
                },
                "aws_iam_group_membership.support-readonly": {
                    "type": "aws_iam_group_membership",
                    "depends_on": [
                        "aws_iam_group.support-readonly"
                    ],
                    "primary": {
                        "id": "support-readonly",
                        "attributes": {
                            "group": "support-readonly",
                            "id": "support-readonly",
                            "name": "support-readonly",
                            "users.#": "0"
                        },
                        "meta": {},
                        "tainted": false
                    },
                    "deposed": [],
                    "provider": ""
                },
                "aws_iam_group_membership.tardis": {
                    "type": "aws_iam_group_membership",
                    "depends_on": [
                        "aws_iam_group.tardis",
                        "aws_iam_user.larry_peterson",
                        "aws_iam_user.michael_lilley"
                    ],
                    "primary": {
                        "id": "tardis",
                        "attributes": {
                            "group": "tardis",
                            "id": "tardis",
                            "name": "tardis",
                            "users.#": "2",
                            "users.206321038": "michael.lilley",
                            "users.3791103795": "larry.peterson"
                        },
                        "meta": {},
                        "tainted": false
                    },
                    "deposed": [],
                    "provider": ""
                },
                "aws_iam_group_membership.tardis-administrator": {
                    "type": "aws_iam_group_membership",
                    "depends_on": [
                        "aws_iam_group.tardis-administrator",
                        "aws_iam_user.larry_peterson",
                        "aws_iam_user.michael_lilley"
                    ],
                    "primary": {
                        "id": "tardis-administrator",
                        "attributes": {
                            "group": "tardis-administrator",
                            "id": "tardis-administrator",
                            "name": "tardis-administrator",
                            "users.#": "2",
                            "users.206321038": "michael.lilley",
                            "users.3791103795": "larry.peterson"
                        },
                        "meta": {},
                        "tainted": false
                    },
                    "deposed": [],
                    "provider": ""
                },
                "aws_iam_group_policy.architecture_policy": {
                    "type": "aws_iam_group_policy",
                    "depends_on": [
                        "aws_iam_group.architecture"
                    ],
                    "primary": {
                        "id": "architecture:architecture_policy",
                        "attributes": {
                            "group": "architecture",
                            "id": "architecture:architecture_policy",
                            "name": "architecture_policy",
                            "policy": "{\n  \"Version\": \"2012-10-17\",\n  \"Statement\": [\n    {\n      \"Effect\": \"Allow\",\n      \"Action\": [\n        \"iam:*AccessKey*\",\n        \"iam:*LoginProfile\"\n      ],\n      \"Resource\": \"arn:aws:iam::236799202671:user/${aws:username}\"\n    },\n    {\n      \"Effect\": \"Allow\",\n      \"Action\": [\n        \"iam:ListAccount*\",\n        \"iam:GetAccountSummary\",\n        \"iam:GetAccountPasswordPolicy\",\n        \"iam:ListUsers\"\n      ],\n      \"Resource\": \"*\"\n    }\n  ]\n}\n"
                        },
                        "meta": {},
                        "tainted": false
                    },
                    "deposed": [],
                    "provider": ""
                },
                "aws_iam_group_policy.baas-administrator": {
                    "type": "aws_iam_group_policy",
                    "depends_on": [
                        "aws_iam_group.baas-administrator"
                    ],
                    "primary": {
                        "id": "baas-administrator:baas-administrator",
                        "attributes": {
                            "group": "baas-administrator",
                            "id": "baas-administrator:baas-administrator",
                            "name": "baas-administrator",
                            "policy": "{\n  \"Version\": \"2012-10-17\",\n  \"Statement\": [\n    {\n      \"Action\": [\n        \"sts:AssumeRole\"\n      ],\n      \"Effect\": \"Allow\",\n      \"Resource\": [\n        \"arn:aws:iam::811034720611:role/baas-administrator\",\n        \"arn:aws:iam::663559125979:role/baas-administrator\"\n      ]\n    }\n  ]\n}\n"
                        },
                        "meta": {},
                        "tainted": false
                    },
                    "deposed": [],
                    "provider": ""
                },
                "aws_iam_group_policy.baas_policy": {
                    "type": "aws_iam_group_policy",
                    "depends_on": [
                        "aws_iam_group.baas"
                    ],
                    "primary": {
                        "id": "baas:baas_policy",
                        "attributes": {
                            "group": "baas",
                            "id": "baas:baas_policy",
                            "name": "baas_policy",
                            "policy": "{\n  \"Version\": \"2012-10-17\",\n  \"Statement\": [\n    {\n      \"Effect\": \"Allow\",\n      \"Action\": [\n        \"iam:*AccessKey*\",\n        \"iam:*LoginProfile\"\n      ],\n      \"Resource\": \"arn:aws:iam::236799202671:user/${aws:username}\"\n    },\n    {\n      \"Effect\": \"Allow\",\n      \"Action\": [\n        \"iam:ListAccount*\",\n        \"iam:GetAccountSummary\",\n        \"iam:GetAccountPasswordPolicy\",\n        \"iam:ListUsers\"\n      ],\n      \"Resource\": \"*\"\n    }\n  ]\n}\n"
                        },
                        "meta": {},
                        "tainted": false
                    },
                    "deposed": [],
                    "provider": ""
                },
                "aws_iam_group_policy.bikou-administrator": {
                    "type": "aws_iam_group_policy",
                    "depends_on": [
                        "aws_iam_group.bikou-administrator"
                    ],
                    "primary": {
                        "id": "bikou-administrator:bikou-administrator",
                        "attributes": {
                            "group": "bikou-administrator",
                            "id": "bikou-administrator:bikou-administrator",
                            "name": "bikou-administrator",
                            "policy": "{\n  \"Version\": \"2012-10-17\",\n  \"Statement\": [\n    {\n      \"Action\": [\n        \"sts:AssumeRole\"\n      ],\n      \"Effect\": \"Allow\",\n      \"Resource\": [\n        \"arn:aws:iam::417900408555:role/administrator\"\n      ]\n    }\n  ]\n}\n"
                        },
                        "meta": {},
                        "tainted": false
                    },
                    "deposed": [],
                    "provider": ""
                },
                "aws_iam_group_policy.bikou-poweruser": {
                    "type": "aws_iam_group_policy",
                    "depends_on": [
                        "aws_iam_group.bikou-poweruser"
                    ],
                    "primary": {
                        "id": "bikou-poweruser:bikou-poweruser",
                        "attributes": {
                            "group": "bikou-poweruser",
                            "id": "bikou-poweruser:bikou-poweruser",
                            "name": "bikou-poweruser",
                            "policy": "{\n  \"Version\": \"2012-10-17\",\n  \"Statement\": [\n    {\n      \"Action\": [\n        \"sts:AssumeRole\"\n      ],\n      \"Effect\": \"Allow\",\n      \"Resource\": [\n        \"arn:aws:iam::417900408555:role/poweruser\"\n      ]\n    }\n  ]\n}\n"
                        },
                        "meta": {},
                        "tainted": false
                    },
                    "deposed": [],
                    "provider": ""
                },
                "aws_iam_group_policy.bikou-readonly": {
                    "type": "aws_iam_group_policy",
                    "depends_on": [
                        "aws_iam_group.bikou-readonly"
                    ],
                    "primary": {
                        "id": "bikou-readonly:bikou-readonly",
                        "attributes": {
                            "group": "bikou-readonly",
                            "id": "bikou-readonly:bikou-readonly",
                            "name": "bikou-readonly",
                            "policy": "{\n  \"Version\": \"2012-10-17\",\n  \"Statement\": [\n    {\n      \"Action\": [\n        \"sts:AssumeRole\"\n      ],\n      \"Effect\": \"Allow\",\n      \"Resource\": [\n        \"arn:aws:iam::417900408555:role/readonly\"\n      ]\n    }\n  ]\n}\n"
                        },
                        "meta": {},
                        "tainted": false
                    },
                    "deposed": [],
                    "provider": ""
                },
                "aws_iam_group_policy.cloudalytics-administrator": {
                    "type": "aws_iam_group_policy",
                    "depends_on": [
                        "aws_iam_group.cloudalytics-administrator"
                    ],
                    "primary": {
                        "id": "cloudalytics-administrator:cloudalytics-administrator",
                        "attributes": {
                            "group": "cloudalytics-administrator",
                            "id": "cloudalytics-administrator:cloudalytics-administrator",
                            "name": "cloudalytics-administrator",
                            "policy": "{\n  \"Version\": \"2012-10-17\",\n  \"Statement\": [\n    {\n      \"Action\": [\n        \"sts:AssumeRole\"\n      ],\n      \"Effect\": \"Allow\",\n      \"Resource\": [\n        \"arn:aws:iam::811034720611:role/cloudalytics-administrator\",\n        \"arn:aws:iam::193204500816:role/cloudalytics-administrator\",\n        \"arn:aws:iam::663559125979:role/cloudalytics-administrator\"\n      ]\n    }\n  ]\n}\n"
                        },
                        "meta": {},
                        "tainted": false
                    },
                    "deposed": [],
                    "provider": ""
                },
                "aws_iam_group_policy.cloudalytics_policy": {
                    "type": "aws_iam_group_policy",
                    "depends_on": [
                        "aws_iam_group.cloudalytics"
                    ],
                    "primary": {
                        "id": "cloudalytics:cloudalytics_policy",
                        "attributes": {
                            "group": "cloudalytics",
                            "id": "cloudalytics:cloudalytics_policy",
                            "name": "cloudalytics_policy",
                            "policy": "{\n  \"Version\": \"2012-10-17\",\n  \"Statement\": [\n    {\n      \"Effect\": \"Allow\",\n      \"Action\": [\n        \"iam:*AccessKey*\",\n        \"iam:*LoginProfile\"\n      ],\n      \"Resource\": \"arn:aws:iam::236799202671:user/${aws:username}\"\n    },\n    {\n      \"Effect\": \"Allow\",\n      \"Action\": [\n        \"iam:ListAccount*\",\n        \"iam:GetAccountSummary\",\n        \"iam:GetAccountPasswordPolicy\",\n        \"iam:ListUsers\"\n      ],\n      \"Resource\": \"*\"\n    }\n  ]\n}\n"
                        },
                        "meta": {},
                        "tainted": false
                    },
                    "deposed": [],
                    "provider": ""
                },
                "aws_iam_group_policy.cloudsearch-administrator": {
                    "type": "aws_iam_group_policy",
                    "depends_on": [
                        "aws_iam_group.cloudsearch-administrator"
                    ],
                    "primary": {
                        "id": "cloudsearch-administrator:cloudsearch-administrator",
                        "attributes": {
                            "group": "cloudsearch-administrator",
                            "id": "cloudsearch-administrator:cloudsearch-administrator",
                            "name": "cloudsearch-administrator",
                            "policy": "{\n  \"Version\": \"2012-10-17\",\n  \"Statement\": [\n    {\n      \"Action\": [\n        \"sts:AssumeRole\"\n      ],\n      \"Effect\": \"Allow\",\n      \"Resource\": [\n        \"arn:aws:iam::811034720611:role/cloudsearch-administrator\",\n        \"arn:aws:iam::663559125979:role/cloudsearch-administrator\"\n      ]\n    }\n  ]\n}\n"
                        },
                        "meta": {},
                        "tainted": false
                    },
                    "deposed": [],
                    "provider": ""
                },
                "aws_iam_group_policy.cloudsearch_policy": {
                    "type": "aws_iam_group_policy",
                    "depends_on": [
                        "aws_iam_group.cloudsearch"
                    ],
                    "primary": {
                        "id": "cloudsearch:cloudsearch_policy",
                        "attributes": {
                            "group": "cloudsearch",
                            "id": "cloudsearch:cloudsearch_policy",
                            "name": "cloudsearch_policy",
                            "policy": "{\n  \"Version\": \"2012-10-17\",\n  \"Statement\": [\n    {\n      \"Effect\": \"Allow\",\n      \"Action\": [\n        \"iam:*AccessKey*\",\n        \"iam:*LoginProfile\"\n      ],\n      \"Resource\": \"arn:aws:iam::236799202671:user/${aws:username}\"\n    },\n    {\n      \"Effect\": \"Allow\",\n      \"Action\": [\n        \"iam:ListAccount*\",\n        \"iam:GetAccountSummary\",\n        \"iam:GetAccountPasswordPolicy\",\n        \"iam:ListUsers\"\n      ],\n      \"Resource\": \"*\"\n    }\n  ]\n}\n"
                        },
                        "meta": {},
                        "tainted": false
                    },
                    "deposed": [],
                    "provider": ""
                },
                "aws_iam_group_policy.data-administrator": {
                    "type": "aws_iam_group_policy",
                    "depends_on": [
                        "aws_iam_group.data-administrator"
                    ],
                    "primary": {
                        "id": "data-administrator:data-administrator",
                        "attributes": {
                            "group": "data-administrator",
                            "id": "data-administrator:data-administrator",
                            "name": "data-administrator",
                            "policy": "{\n  \"Version\": \"2012-10-17\",\n  \"Statement\": [\n    {\n      \"Action\": [\n        \"sts:AssumeRole\"\n      ],\n      \"Effect\": \"Allow\",\n      \"Resource\": [\n        \"arn:aws:iam::811034720611:role/data-administrator\",\n        \"arn:aws:iam::193204500816:role/data-administrator\",\n        \"arn:aws:iam::663559125979:role/data-administrator\",\n        \"arn:aws:iam::999547976641:role/administrator\",\n        \"arn:aws:iam::409573287771:role/administrator\",\n        \"arn:aws:iam::467524913882:role/administrator\"\n      ]\n    }\n  ]\n}\n"
                        },
                        "meta": {},
                        "tainted": false
                    },
                    "deposed": [],
                    "provider": ""
                },
                "aws_iam_group_policy.data-poweruser": {
                    "type": "aws_iam_group_policy",
                    "depends_on": [
                        "aws_iam_group.data-poweruser"
                    ],
                    "primary": {
                        "id": "data-poweruser:data-poweruser",
                        "attributes": {
                            "group": "data-poweruser",
                            "id": "data-poweruser:data-poweruser",
                            "name": "data-poweruser",
                            "policy": "{\n  \"Version\": \"2012-10-17\",\n  \"Statement\": [\n    {\n      \"Action\": [\n        \"sts:AssumeRole\"\n      ],\n      \"Effect\": \"Allow\",\n      \"Resource\": [\n        \"arn:aws:iam::803429703521:role/poweruser\"\n      ]\n    }\n  ]\n}\n"
                        },
                        "meta": {},
                        "tainted": false
                    },
                    "deposed": [],
                    "provider": ""
                },
                "aws_iam_group_policy.data-readonly": {
                    "type": "aws_iam_group_policy",
                    "depends_on": [
                        "aws_iam_group.data-readonly"
                    ],
                    "primary": {
                        "id": "data-readonly:data-readonly",
                        "attributes": {
                            "group": "data-readonly",
                            "id": "data-readonly:data-readonly",
                            "name": "data-readonly",
                            "policy": "{\n  \"Version\": \"2012-10-17\",\n  \"Statement\": [\n    {\n      \"Action\": [\n        \"sts:AssumeRole\"\n      ],\n      \"Effect\": \"Allow\",\n      \"Resource\": [\n        \"arn:aws:iam::803429703521:role/readonly\"\n      ]\n    }\n  ]\n}\n"
                        },
                        "meta": {},
                        "tainted": false
                    },
                    "deposed": [],
                    "provider": ""
                },
                "aws_iam_group_policy.data_policy": {
                    "type": "aws_iam_group_policy",
                    "depends_on": [
                        "aws_iam_group.data"
                    ],
                    "primary": {
                        "id": "data:data_policy",
                        "attributes": {
                            "group": "data",
                            "id": "data:data_policy",
                            "name": "data_policy",
                            "policy": "{\n  \"Version\": \"2012-10-17\",\n  \"Statement\": [\n    {\n      \"Effect\": \"Allow\",\n      \"Action\": [\n        \"iam:*AccessKey*\",\n        \"iam:*LoginProfile\"\n      ],\n      \"Resource\": \"arn:aws:iam::236799202671:user/${aws:username}\"\n    },\n    {\n      \"Effect\": \"Allow\",\n      \"Action\": [\n        \"iam:ListAccount*\",\n        \"iam:GetAccountSummary\",\n        \"iam:GetAccountPasswordPolicy\",\n        \"iam:ListUsers\"\n      ],\n      \"Resource\": \"*\"\n    }\n  ]\n}\n"
                        },
                        "meta": {},
                        "tainted": false
                    },
                    "deposed": [],
                    "provider": ""
                },
                "aws_iam_group_policy.governor-administrator": {
                    "type": "aws_iam_group_policy",
                    "depends_on": [
                        "aws_iam_group.governor-administrator"
                    ],
                    "primary": {
                        "id": "governor-administrator:governor-administrator",
                        "attributes": {
                            "group": "governor-administrator",
                            "id": "governor-administrator:governor-administrator",
                            "name": "governor-administrator",
                            "policy": "{\n  \"Version\": \"2012-10-17\",\n  \"Statement\": [\n    {\n      \"Action\": [\n        \"sts:AssumeRole\"\n      ],\n      \"Effect\": \"Allow\",\n      \"Resource\": \"arn:aws:iam::236799202671:role/administrator\"\n    }\n  ]\n}\n"
                        },
                        "meta": {},
                        "tainted": false
                    },
                    "deposed": [],
                    "provider": ""
                },
                "aws_iam_group_policy.hops-pipeline-roles": {
                    "type": "aws_iam_group_policy",
                    "depends_on": [
                        "aws_iam_group.hops-pipeline-roles"
                    ],
                    "primary": {
                        "id": "hops-pipeline-roles:hops-pipeline-roles",
                        "attributes": {
                            "group": "hops-pipeline-roles",
                            "id": "hops-pipeline-roles:hops-pipeline-roles",
                            "name": "hops-pipeline-roles",
                            "policy": "{\n  \"Version\": \"2012-10-17\",\n  \"Statement\": [\n    {\n      \"Action\": [\n        \"sts:AssumeRole\"\n      ],\n      \"Effect\": \"Allow\",\n      \"Resource\": [\n        \"arn:aws:iam::811034720611:role/mako*\"\n      ]\n    }\n  ]\n}\n"
                        },
                        "meta": {},
                        "tainted": false
                    },
                    "deposed": [],
                    "provider": ""
                },
                "aws_iam_group_policy.hops_policy": {
                    "type": "aws_iam_group_policy",
                    "depends_on": [
                        "aws_iam_group.hops"
                    ],
                    "primary": {
                        "id": "hops:hops_policy",
                        "attributes": {
                            "group": "hops",
                            "id": "hops:hops_policy",
                            "name": "hops_policy",
                            "policy": "{\n  \"Version\": \"2012-10-17\",\n  \"Statement\": [\n    {\n      \"Effect\": \"Allow\",\n      \"Action\": [\n        \"iam:*AccessKey*\",\n        \"iam:*LoginProfile\"\n      ],\n      \"Resource\": \"arn:aws:iam::236799202671:user/${aws:username}\"\n    },\n    {\n      \"Effect\": \"Allow\",\n      \"Action\": [\n        \"iam:ListAccount*\",\n        \"iam:GetAccountSummary\",\n        \"iam:GetAccountPasswordPolicy\",\n        \"iam:ListUsers\"\n      ],\n      \"Resource\": \"*\"\n    }\n  ]\n}\n"
                        },
                        "meta": {},
                        "tainted": false
                    },
                    "deposed": [],
                    "provider": ""
                },
                "aws_iam_group_policy.hosting-pipeline-administrator": {
                    "type": "aws_iam_group_policy",
                    "depends_on": [
                        "aws_iam_group.hosting-pipeline-administrator"
                    ],
                    "primary": {
                        "id": "hosting-pipeline-administrator:hosting-pipeline-administrator",
                        "attributes": {
                            "group": "hosting-pipeline-administrator",
                            "id": "hosting-pipeline-administrator:hosting-pipeline-administrator",
                            "name": "hosting-pipeline-administrator",
                            "policy": "{\n  \"Version\": \"2012-10-17\",\n  \"Statement\": [\n    {\n      \"Action\": [\n        \"sts:AssumeRole\"\n      ],\n      \"Effect\": \"Allow\",\n      \"Resource\": [\n        \"arn:aws:iam::293490559745:role/administrator\"\n      ]\n    }\n  ]\n}\n"
                        },
                        "meta": {},
                        "tainted": false
                    },
                    "deposed": [],
                    "provider": ""
                },
                "aws_iam_group_policy.hosting-pipeline-poweruser": {
                    "type": "aws_iam_group_policy",
                    "depends_on": [
                        "aws_iam_group.hosting-pipeline-poweruser"
                    ],
                    "primary": {
                        "id": "hosting-pipeline-poweruser:hosting-pipeline-poweruser",
                        "attributes": {
                            "group": "hosting-pipeline-poweruser",
                            "id": "hosting-pipeline-poweruser:hosting-pipeline-poweruser",
                            "name": "hosting-pipeline-poweruser",
                            "policy": "{\n  \"Version\": \"2012-10-17\",\n  \"Statement\": [\n    {\n      \"Action\": [\n        \"sts:AssumeRole\"\n      ],\n      \"Effect\": \"Allow\",\n      \"Resource\": [\n        \"arn:aws:iam::293490559745:role/poweruser\"\n      ]\n    }\n  ]\n}\n"
                        },
                        "meta": {},
                        "tainted": false
                    },
                    "deposed": [],
                    "provider": ""
                },
                "aws_iam_group_policy.hosting-pipeline-readonly": {
                    "type": "aws_iam_group_policy",
                    "depends_on": [
                        "aws_iam_group.hosting-pipeline-readonly"
                    ],
                    "primary": {
                        "id": "hosting-pipeline-readonly:hosting-pipeline-readonly",
                        "attributes": {
                            "group": "hosting-pipeline-readonly",
                            "id": "hosting-pipeline-readonly:hosting-pipeline-readonly",
                            "name": "hosting-pipeline-readonly",
                            "policy": "{\n  \"Version\": \"2012-10-17\",\n  \"Statement\": [\n    {\n      \"Action\": [\n        \"sts:AssumeRole\"\n      ],\n      \"Effect\": \"Allow\",\n      \"Resource\": [\n        \"arn:aws:iam::293490559745:role/readonly\"\n      ]\n    }\n  ]\n}\n"
                        },
                        "meta": {},
                        "tainted": false
                    },
                    "deposed": [],
                    "provider": ""
                },
                "aws_iam_group_policy.iaas_policy": {
                    "type": "aws_iam_group_policy",
                    "depends_on": [
                        "aws_iam_group.iaas"
                    ],
                    "primary": {
                        "id": "iaas:iaas_policy",
                        "attributes": {
                            "group": "iaas",
                            "id": "iaas:iaas_policy",
                            "name": "iaas_policy",
                            "policy": "{\n  \"Version\": \"2012-10-17\",\n  \"Statement\": [\n    {\n      \"Effect\": \"Allow\",\n      \"Action\": [\n        \"iam:*AccessKey*\",\n        \"iam:*LoginProfile\"\n      ],\n      \"Resource\": \"arn:aws:iam::236799202671:user/${aws:username}\"\n    },\n    {\n      \"Effect\": \"Allow\",\n      \"Action\": [\n        \"iam:ListAccount*\",\n        \"iam:GetAccountSummary\",\n        \"iam:GetAccountPasswordPolicy\",\n        \"iam:ListUsers\"\n      ],\n      \"Resource\": \"*\"\n    }\n  ]\n}\n"
                        },
                        "meta": {},
                        "tainted": false
                    },
                    "deposed": [],
                    "provider": ""
                },
                "aws_iam_group_policy.infra-administrator": {
                    "type": "aws_iam_group_policy",
                    "depends_on": [
                        "aws_iam_group.infra-administrator"
                    ],
                    "primary": {
                        "id": "infra-administrator:infra-administrator",
                        "attributes": {
                            "group": "infra-administrator",
                            "id": "infra-administrator:infra-administrator",
                            "name": "infra-administrator",
                            "policy": "{\n  \"Version\": \"2012-10-17\",\n  \"Statement\": [\n    {\n      \"Action\": [\n        \"sts:AssumeRole\"\n      ],\n      \"Effect\": \"Allow\",\n      \"Resource\": [\n        \"arn:aws:iam::517449413234:role/administrator\",\n        \"arn:aws:iam::816602928515:role/administrator\",\n        \"arn:aws:iam::403612517204:role/administrator\"\n      ]\n    }\n  ]\n}\n"
                        },
                        "meta": {},
                        "tainted": false
                    },
                    "deposed": [],
                    "provider": ""
                },
                "aws_iam_group_policy.infra-poweruser": {
                    "type": "aws_iam_group_policy",
                    "depends_on": [
                        "aws_iam_group.infra-poweruser"
                    ],
                    "primary": {
                        "id": "infra-poweruser:infra-poweruser",
                        "attributes": {
                            "group": "infra-poweruser",
                            "id": "infra-poweruser:infra-poweruser",
                            "name": "infra-poweruser",
                            "policy": "{\n  \"Version\": \"2012-10-17\",\n  \"Statement\": [\n    {\n      \"Action\": [\n        \"sts:AssumeRole\"\n      ],\n      \"Effect\": \"Allow\",\n      \"Resource\": [\n        \"arn:aws:iam::517449413234:role/poweruser\",\n        \"arn:aws:iam::816602928515:role/poweruser\",\n        \"arn:aws:iam::403612517204:role/poweruser\"\n      ]\n    }\n  ]\n}\n"
                        },
                        "meta": {},
                        "tainted": false
                    },
                    "deposed": [],
                    "provider": ""
                },
                "aws_iam_group_policy.infra-readonly": {
                    "type": "aws_iam_group_policy",
                    "depends_on": [
                        "aws_iam_group.infra-readonly"
                    ],
                    "primary": {
                        "id": "infra-readonly:infra-readonly",
                        "attributes": {
                            "group": "infra-readonly",
                            "id": "infra-readonly:infra-readonly",
                            "name": "infra-readonly",
                            "policy": "{\n  \"Version\": \"2012-10-17\",\n  \"Statement\": [\n    {\n      \"Action\": [\n        \"sts:AssumeRole\"\n      ],\n      \"Effect\": \"Allow\",\n      \"Resource\": [\n        \"arn:aws:iam::517449413234:role/readonly\",\n        \"arn:aws:iam::816602928515:role/readonly\",\n        \"arn:aws:iam::403612517204:role/readonly\"\n      ]\n    }\n  ]\n}\n"
                        },
                        "meta": {},
                        "tainted": false
                    },
                    "deposed": [],
                    "provider": ""
                },
                "aws_iam_group_policy.israel-administrator": {
                    "type": "aws_iam_group_policy",
                    "depends_on": [
                        "aws_iam_group.israel-administrator"
                    ],
                    "primary": {
                        "id": "israel-administrator:israel-administrator",
                        "attributes": {
                            "group": "israel-administrator",
                            "id": "israel-administrator:israel-administrator",
                            "name": "israel-administrator",
                            "policy": "{\n  \"Version\": \"2012-10-17\",\n  \"Statement\": [\n    {\n      \"Action\": [\n        \"sts:AssumeRole\"\n      ],\n      \"Effect\": \"Allow\",\n      \"Resource\": [\n        \"arn:aws:iam::811034720611:role/israel-administrator\",\n        \"arn:aws:iam::193204500816:role/israel-administrator\",\n        \"arn:aws:iam::663559125979:role/israel-administrator\",\n        \"arn:aws:iam::517449413234:role/administrator\",\n        \"arn:aws:iam::403612517204:role/administrator\"\n      ]\n    }\n  ]\n}\n"
                        },
                        "meta": {},
                        "tainted": false
                    },
                    "deposed": [],
                    "provider": ""
                },
                "aws_iam_group_policy.israel_dev_policy": {
                    "type": "aws_iam_group_policy",
                    "depends_on": [
                        "aws_iam_group.israel_dev"
                    ],
                    "primary": {
                        "id": "israel_dev:israel_dev_policy",
                        "attributes": {
                            "group": "israel_dev",
                            "id": "israel_dev:israel_dev_policy",
                            "name": "israel_dev_policy",
                            "policy": "{\n  \"Version\": \"2012-10-17\",\n  \"Statement\": [\n    {\n      \"Effect\": \"Allow\",\n      \"Action\": [\n        \"iam:*AccessKey*\",\n        \"iam:*LoginProfile\"\n      ],\n      \"Resource\": \"arn:aws:iam::236799202671:user/${aws:username}\"\n    },\n    {\n      \"Effect\": \"Allow\",\n      \"Action\": [\n        \"iam:ListAccount*\",\n        \"iam:GetAccountSummary\",\n        \"iam:GetAccountPasswordPolicy\",\n        \"iam:ListUsers\"\n      ],\n      \"Resource\": \"*\"\n    }\n  ]\n}\n"
                        },
                        "meta": {},
                        "tainted": false
                    },
                    "deposed": [],
                    "provider": ""
                },
                "aws_iam_group_policy.israel_devops_policy": {
                    "type": "aws_iam_group_policy",
                    "depends_on": [
                        "aws_iam_group.israel_devops"
                    ],
                    "primary": {
                        "id": "israel_devops:israel_devops_policy",
                        "attributes": {
                            "group": "israel_devops",
                            "id": "israel_devops:israel_devops_policy",
                            "name": "israel_devops_policy",
                            "policy": "{\n  \"Version\": \"2012-10-17\",\n  \"Statement\": [\n    {\n      \"Effect\": \"Allow\",\n      \"Action\": [\n        \"iam:*AccessKey*\",\n        \"iam:*LoginProfile\"\n      ],\n      \"Resource\": \"arn:aws:iam::236799202671:user/${aws:username}\"\n    },\n    {\n      \"Effect\": \"Allow\",\n      \"Action\": [\n        \"iam:ListAccount*\",\n        \"iam:GetAccountSummary\",\n        \"iam:GetAccountPasswordPolicy\",\n        \"iam:ListUsers\"\n      ],\n      \"Resource\": \"*\"\n    }\n  ]\n}\n"
                        },
                        "meta": {},
                        "tainted": false
                    },
                    "deposed": [],
                    "provider": ""
                },
                "aws_iam_group_policy.jcx-administrator": {
                    "type": "aws_iam_group_policy",
                    "depends_on": [
                        "aws_iam_group.jcx-administrator"
                    ],
                    "primary": {
                        "id": "jcx-administrator:jcx-administrator",
                        "attributes": {
                            "group": "jcx-administrator",
                            "id": "jcx-administrator:jcx-administrator",
                            "name": "jcx-administrator",
                            "policy": "{\n  \"Version\": \"2012-10-17\",\n  \"Statement\": [\n    {\n      \"Action\": [\n        \"sts:AssumeRole\"\n      ],\n      \"Effect\": \"Allow\",\n      \"Resource\": [\n        \"arn:aws:iam::811034720611:role/jcx-administrator\",\n        \"arn:aws:iam::193204500816:role/jcx-administrator\",\n        \"arn:aws:iam::663559125979:role/jcx-administrator\"\n      ]\n    }\n  ]\n}\n"
                        },
                        "meta": {},
                        "tainted": false
                    },
                    "deposed": [],
                    "provider": ""
                },
                "aws_iam_group_policy.jcx-pipeline-roles": {
                    "type": "aws_iam_group_policy",
                    "depends_on": [
                        "aws_iam_group.jcx-pipeline-roles"
                    ],
                    "primary": {
                        "id": "jcx-pipeline-roles:jcx-pipeline-roles",
                        "attributes": {
                            "group": "jcx-pipeline-roles",
                            "id": "jcx-pipeline-roles:jcx-pipeline-roles",
                            "name": "jcx-pipeline-roles",
                            "policy": "{\n  \"Version\": \"2012-10-17\",\n  \"Statement\": [\n    {\n      \"Action\": [\n        \"sts:AssumeRole\"\n      ],\n      \"Effect\": \"Allow\",\n      \"Resource\": [\n        \"arn:aws:iam::811034720611:role/jcx*\"\n      ]\n    }\n  ]\n}\n"
                        },
                        "meta": {},
                        "tainted": false
                    },
                    "deposed": [],
                    "provider": ""
                },
                "aws_iam_group_policy.jcx-poweruser": {
                    "type": "aws_iam_group_policy",
                    "depends_on": [
                        "aws_iam_group.jcx-poweruser"
                    ],
                    "primary": {
                        "id": "jcx-poweruser:jcx-poweruser",
                        "attributes": {
                            "group": "jcx-poweruser",
                            "id": "jcx-poweruser:jcx-poweruser",
                            "name": "jcx-poweruser",
                            "policy": "{\n  \"Version\": \"2012-10-17\",\n  \"Statement\": [\n    {\n      \"Action\": [\n        \"sts:AssumeRole\"\n      ],\n      \"Effect\": \"Allow\",\n      \"Resource\": [\n        \"arn:aws:iam::811034720611:role/jcx-poweruser\",\n        \"arn:aws:iam::193204500816:role/jcx-poweruser\",\n        \"arn:aws:iam::663559125979:role/jcx-poweruser\"\n      ]\n    }\n  ]\n}\n"
                        },
                        "meta": {},
                        "tainted": false
                    },
                    "deposed": [],
                    "provider": ""
                },
                "aws_iam_group_policy.jcx-readonly": {
                    "type": "aws_iam_group_policy",
                    "depends_on": [
                        "aws_iam_group.jcx-readonly"
                    ],
                    "primary": {
                        "id": "jcx-readonly:jcx-readonly",
                        "attributes": {
                            "group": "jcx-readonly",
                            "id": "jcx-readonly:jcx-readonly",
                            "name": "jcx-readonly",
                            "policy": "{\n  \"Version\": \"2012-10-17\",\n  \"Statement\": [\n    {\n      \"Action\": [\n        \"sts:AssumeRole\"\n      ],\n      \"Effect\": \"Allow\",\n      \"Resource\": [\n        \"arn:aws:iam::811034720611:role/jcx-readonly\",\n        \"arn:aws:iam::193204500816:role/jcx-readonly\",\n        \"arn:aws:iam::663559125979:role/jcx-readonly\"\n      ]\n    }\n  ]\n}\n"
                        },
                        "meta": {},
                        "tainted": false
                    },
                    "deposed": [],
                    "provider": ""
                },
                "aws_iam_group_policy.jcx_policy": {
                    "type": "aws_iam_group_policy",
                    "depends_on": [
                        "aws_iam_group.jcx"
                    ],
                    "primary": {
                        "id": "jcx:jcx_policy",
                        "attributes": {
                            "group": "jcx",
                            "id": "jcx:jcx_policy",
                            "name": "jcx_policy",
                            "policy": "{\n  \"Version\": \"2012-10-17\",\n  \"Statement\": [\n    {\n      \"Effect\": \"Allow\",\n      \"Action\": [\n        \"iam:*AccessKey*\",\n        \"iam:*LoginProfile\"\n      ],\n      \"Resource\": \"arn:aws:iam::236799202671:user/${aws:username}\"\n    },\n    {\n      \"Effect\": \"Allow\",\n      \"Action\": [\n        \"iam:ListAccount*\",\n        \"iam:GetAccountSummary\",\n        \"iam:GetAccountPasswordPolicy\",\n        \"iam:ListUsers\"\n      ],\n      \"Resource\": \"*\"\n    }\n  ]\n}\n"
                        },
                        "meta": {},
                        "tainted": false
                    },
                    "deposed": [],
                    "provider": ""
                },
                "aws_iam_group_policy.jive-w-administrator": {
                    "type": "aws_iam_group_policy",
                    "depends_on": [
                        "aws_iam_group.jive-w-administrator"
                    ],
                    "primary": {
                        "id": "jive-w-administrator:jive-w-administrator",
                        "attributes": {
                            "group": "jive-w-administrator",
                            "id": "jive-w-administrator:jive-w-administrator",
                            "name": "jive-w-administrator",
                            "policy": "{\n  \"Version\": \"2012-10-17\",\n  \"Statement\": [\n    {\n      \"Action\": [\n        \"sts:AssumeRole\"\n      ],\n      \"Effect\": \"Allow\",\n      \"Resource\": [\n        \"arn:aws:iam::819473657664:role/administrator\",\n        \"arn:aws:iam::704799964251:role/administrator\",\n        \"arn:aws:iam::041205748055:role/administrator\"\n      ]\n    }\n  ]\n}\n"
                        },
                        "meta": {},
                        "tainted": false
                    },
                    "deposed": [],
                    "provider": ""
                },
                "aws_iam_group_policy.jive-w-poweruser": {
                    "type": "aws_iam_group_policy",
                    "depends_on": [
                        "aws_iam_group.jive-w-poweruser"
                    ],
                    "primary": {
                        "id": "jive-w-poweruser:jive-w-poweruser",
                        "attributes": {
                            "group": "jive-w-poweruser",
                            "id": "jive-w-poweruser:jive-w-poweruser",
                            "name": "jive-w-poweruser",
                            "policy": "{\n  \"Version\": \"2012-10-17\",\n  \"Statement\": [\n    {\n      \"Action\": [\n        \"sts:AssumeRole\"\n      ],\n      \"Effect\": \"Allow\",\n      \"Resource\": [\n        \"arn:aws:iam::819473657664:role/poweruser\",\n        \"arn:aws:iam::704799964251:role/poweruser\",\n        \"arn:aws:iam::041205748055:role/poweruser\"\n      ]\n    }\n  ]\n}\n"
                        },
                        "meta": {},
                        "tainted": false
                    },
                    "deposed": [],
                    "provider": ""
                },
                "aws_iam_group_policy.jive-w-readonly": {
                    "type": "aws_iam_group_policy",
                    "depends_on": [
                        "aws_iam_group.jive-w-readonly"
                    ],
                    "primary": {
                        "id": "jive-w-readonly:jive-w-readonly",
                        "attributes": {
                            "group": "jive-w-readonly",
                            "id": "jive-w-readonly:jive-w-readonly",
                            "name": "jive-w-readonly",
                            "policy": "{\n  \"Version\": \"2012-10-17\",\n  \"Statement\": [\n    {\n      \"Action\": [\n        \"sts:AssumeRole\"\n      ],\n      \"Effect\": \"Allow\",\n      \"Resource\": [\n        \"arn:aws:iam::819473657664:role/readonly\",\n        \"arn:aws:iam::704799964251:role/readonly\",\n        \"arn:aws:iam::041205748055:role/readonly\"\n      ]\n    }\n  ]\n}\n"
                        },
                        "meta": {},
                        "tainted": false
                    },
                    "deposed": [],
                    "provider": ""
                },
                "aws_iam_group_policy.mako-administrator": {
                    "type": "aws_iam_group_policy",
                    "depends_on": [
                        "aws_iam_group.mako-administrator"
                    ],
                    "primary": {
                        "id": "mako-administrator:mako-administrator",
                        "attributes": {
                            "group": "mako-administrator",
                            "id": "mako-administrator:mako-administrator",
                            "name": "mako-administrator",
                            "policy": "{\n  \"Version\": \"2012-10-17\",\n  \"Statement\": [\n    {\n      \"Action\": [\n        \"sts:AssumeRole\"\n      ],\n      \"Effect\": \"Allow\",\n      \"Resource\": [\n        \"arn:aws:iam::811034720611:role/mako-administrator\",\n        \"arn:aws:iam::193204500816:role/mako-administrator\",\n        \"arn:aws:iam::663559125979:role/mako-administrator\"\n      ]\n    }\n  ]\n}\n"
                        },
                        "meta": {},
                        "tainted": false
                    },
                    "deposed": [],
                    "provider": ""
                },
                "aws_iam_group_policy.mako-pipeline-roles": {
                    "type": "aws_iam_group_policy",
                    "depends_on": [
                        "aws_iam_group.mako-pipeline-roles"
                    ],
                    "primary": {
                        "id": "mako-pipeline-roles:mako-pipeline-roles",
                        "attributes": {
                            "group": "mako-pipeline-roles",
                            "id": "mako-pipeline-roles:mako-pipeline-roles",
                            "name": "mako-pipeline-roles",
                            "policy": "{\n  \"Version\": \"2012-10-17\",\n  \"Statement\": [\n    {\n      \"Action\": [\n        \"sts:AssumeRole\"\n      ],\n      \"Effect\": \"Allow\",\n      \"Resource\": [\n        \"arn:aws:iam::811034720611:role/mako*\"\n      ]\n    }\n  ]\n}\n"
                        },
                        "meta": {},
                        "tainted": false
                    },
                    "deposed": [],
                    "provider": ""
                },
                "aws_iam_group_policy.mako_policy": {
                    "type": "aws_iam_group_policy",
                    "depends_on": [
                        "aws_iam_group.mako"
                    ],
                    "primary": {
                        "id": "mako:mako_policy",
                        "attributes": {
                            "group": "mako",
                            "id": "mako:mako_policy",
                            "name": "mako_policy",
                            "policy": "{\n  \"Version\": \"2012-10-17\",\n  \"Statement\": [\n    {\n      \"Effect\": \"Allow\",\n      \"Action\": [\n        \"iam:*AccessKey*\",\n        \"iam:*LoginProfile\"\n      ],\n      \"Resource\": \"arn:aws:iam::236799202671:user/${aws:username}\"\n    },\n    {\n      \"Effect\": \"Allow\",\n      \"Action\": [\n        \"iam:ListAccount*\",\n        \"iam:GetAccountSummary\",\n        \"iam:GetAccountPasswordPolicy\",\n        \"iam:ListUsers\"\n      ],\n      \"Resource\": \"*\"\n    }\n  ]\n}\n"
                        },
                        "meta": {},
                        "tainted": false
                    },
                    "deposed": [],
                    "provider": ""
                },
                "aws_iam_group_policy.microservices-administrator": {
                    "type": "aws_iam_group_policy",
                    "depends_on": [
                        "aws_iam_group.microservices-administrator"
                    ],
                    "primary": {
                        "id": "microservices-administrator:microservices-administrator",
                        "attributes": {
                            "group": "microservices-administrator",
                            "id": "microservices-administrator:microservices-administrator",
                            "name": "microservices-administrator",
                            "policy": "{\n  \"Version\": \"2012-10-17\",\n  \"Statement\": [\n    {\n      \"Action\": [\n        \"sts:AssumeRole\"\n      ],\n      \"Effect\": \"Allow\",\n      \"Resource\": [\n        \"arn:aws:iam::811034720611:role/administrator\",\n        \"arn:aws:iam::193204500816:role/administrator\",\n        \"arn:aws:iam::663559125979:role/administrator\"\n      ]\n    }\n  ]\n}\n"
                        },
                        "meta": {},
                        "tainted": false
                    },
                    "deposed": [],
                    "provider": ""
                },
                "aws_iam_group_policy.microservices-poweruser": {
                    "type": "aws_iam_group_policy",
                    "depends_on": [
                        "aws_iam_group.microservices-poweruser"
                    ],
                    "primary": {
                        "id": "microservices-poweruser:microservices-poweruser",
                        "attributes": {
                            "group": "microservices-poweruser",
                            "id": "microservices-poweruser:microservices-poweruser",
                            "name": "microservices-poweruser",
                            "policy": "{\n  \"Version\": \"2012-10-17\",\n  \"Statement\": [\n    {\n      \"Action\": [\n        \"sts:AssumeRole\"\n      ],\n      \"Effect\": \"Allow\",\n      \"Resource\": [\n        \"arn:aws:iam::811034720611:role/poweruser\",\n        \"arn:aws:iam::193204500816:role/poweruser\",\n        \"arn:aws:iam::663559125979:role/poweruser\"\n      ]\n    }\n  ]\n}\n"
                        },
                        "meta": {},
                        "tainted": false
                    },
                    "deposed": [],
                    "provider": ""
                },
                "aws_iam_group_policy.microservices-readonly": {
                    "type": "aws_iam_group_policy",
                    "depends_on": [
                        "aws_iam_group.microservices-readonly"
                    ],
                    "primary": {
                        "id": "microservices-readonly:microservices-readonly",
                        "attributes": {
                            "group": "microservices-readonly",
                            "id": "microservices-readonly:microservices-readonly",
                            "name": "microservices-readonly",
                            "policy": "{\n  \"Version\": \"2012-10-17\",\n  \"Statement\": [\n    {\n      \"Action\": [\n        \"sts:AssumeRole\"\n      ],\n      \"Effect\": \"Allow\",\n      \"Resource\": [\n        \"arn:aws:iam::811034720611:role/readonly\",\n        \"arn:aws:iam::193204500816:role/readonly\",\n        \"arn:aws:iam::663559125979:role/readonly\"\n      ]\n    }\n  ]\n}\n"
                        },
                        "meta": {},
                        "tainted": false
                    },
                    "deposed": [],
                    "provider": ""
                },
                "aws_iam_group_policy.partnercollaboration-administrator": {
                    "type": "aws_iam_group_policy",
                    "depends_on": [
                        "aws_iam_group.partnercollaboration-administrator"
                    ],
                    "primary": {
                        "id": "partnercollaboration-administrator:partnercollaboration-administrator",
                        "attributes": {
                            "group": "partnercollaboration-administrator",
                            "id": "partnercollaboration-administrator:partnercollaboration-administrator",
                            "name": "partnercollaboration-administrator",
                            "policy": "{\n  \"Version\": \"2012-10-17\",\n  \"Statement\": [\n    {\n      \"Action\": [\n        \"sts:AssumeRole\"\n      ],\n      \"Effect\": \"Allow\",\n      \"Resource\": [\n        \"arn:aws:iam::803429703521:role/administrator\"\n      ]\n    }\n  ]\n}\n"
                        },
                        "meta": {},
                        "tainted": false
                    },
                    "deposed": [],
                    "provider": ""
                },
                "aws_iam_group_policy.partnercollaboration-poweruser": {
                    "type": "aws_iam_group_policy",
                    "depends_on": [
                        "aws_iam_group.partnercollaboration-poweruser"
                    ],
                    "primary": {
                        "id": "partnercollaboration-poweruser:partnercollaboration-poweruser",
                        "attributes": {
                            "group": "partnercollaboration-poweruser",
                            "id": "partnercollaboration-poweruser:partnercollaboration-poweruser",
                            "name": "partnercollaboration-poweruser",
                            "policy": "{\n  \"Version\": \"2012-10-17\",\n  \"Statement\": [\n    {\n      \"Action\": [\n        \"sts:AssumeRole\"\n      ],\n      \"Effect\": \"Allow\",\n      \"Resource\": [\n        \"arn:aws:iam::517449413234:role/poweruser\",\n        \"arn:aws:iam::816602928515:role/poweruser\",\n        \"arn:aws:iam::403612517204:role/poweruser\"\n      ]\n    }\n  ]\n}\n"
                        },
                        "meta": {},
                        "tainted": false
                    },
                    "deposed": [],
                    "provider": ""
                },
                "aws_iam_group_policy.partnercollaboration-readonly": {
                    "type": "aws_iam_group_policy",
                    "depends_on": [
                        "aws_iam_group.partnercollaboration-readonly"
                    ],
                    "primary": {
                        "id": "partnercollaboration-readonly:partnercollaboration-readonly",
                        "attributes": {
                            "group": "partnercollaboration-readonly",
                            "id": "partnercollaboration-readonly:partnercollaboration-readonly",
                            "name": "partnercollaboration-readonly",
                            "policy": "{\n  \"Version\": \"2012-10-17\",\n  \"Statement\": [\n    {\n      \"Action\": [\n        \"sts:AssumeRole\"\n      ],\n      \"Effect\": \"Allow\",\n      \"Resource\": [\n        \"arn:aws:iam::517449413234:role/readonly\",\n        \"arn:aws:iam::816602928515:role/readonly\",\n        \"arn:aws:iam::403612517204:role/readonly\"\n      ]\n    }\n  ]\n}\n"
                        },
                        "meta": {},
                        "tainted": false
                    },
                    "deposed": [],
                    "provider": ""
                },
                "aws_iam_group_policy.ps-administrator": {
                    "type": "aws_iam_group_policy",
                    "depends_on": [
                        "aws_iam_group.ps-administrator"
                    ],
                    "primary": {
                        "id": "ps-administrator:ps-administrator",
                        "attributes": {
                            "group": "ps-administrator",
                            "id": "ps-administrator:ps-administrator",
                            "name": "ps-administrator",
                            "policy": "{\n  \"Version\": \"2012-10-17\",\n  \"Statement\": [\n    {\n      \"Action\": [\n        \"sts:AssumeRole\"\n      ],\n      \"Effect\": \"Allow\",\n      \"Resource\": [\n        \"arn:aws:iam::044571148504:role/administrator\",\n        \"arn:aws:iam::874979382819:role/administrator\"\n      ]\n    }\n  ]\n}\n"
                        },
                        "meta": {},
                        "tainted": false
                    },
                    "deposed": [],
                    "provider": ""
                },
                "aws_iam_group_policy.ps-poweruser": {
                    "type": "aws_iam_group_policy",
                    "depends_on": [
                        "aws_iam_group.ps-poweruser"
                    ],
                    "primary": {
                        "id": "ps-poweruser:jcx-poweruser",
                        "attributes": {
                            "group": "ps-poweruser",
                            "id": "ps-poweruser:jcx-poweruser",
                            "name": "jcx-poweruser",
                            "policy": "{\n  \"Version\": \"2012-10-17\",\n  \"Statement\": [\n    {\n      \"Action\": [\n        \"sts:AssumeRole\"\n      ],\n      \"Effect\": \"Allow\",\n      \"Resource\": [\n        \"arn:aws:iam::044571148504:role/poweruser\",\n        \"arn:aws:iam::874979382819:role/poweruser\"\n      ]\n    }\n  ]\n}\n"
                        },
                        "meta": {},
                        "tainted": false
                    },
                    "deposed": [],
                    "provider": ""
                },
                "aws_iam_group_policy.ps-readonly": {
                    "type": "aws_iam_group_policy",
                    "depends_on": [
                        "aws_iam_group.ps-readonly"
                    ],
                    "primary": {
                        "id": "ps-readonly:jcx-readonly",
                        "attributes": {
                            "group": "ps-readonly",
                            "id": "ps-readonly:jcx-readonly",
                            "name": "jcx-readonly",
                            "policy": "{\n  \"Version\": \"2012-10-17\",\n  \"Statement\": [\n    {\n      \"Action\": [\n        \"sts:AssumeRole\"\n      ],\n      \"Effect\": \"Allow\",\n      \"Resource\": [\n        \"arn:aws:iam::044571148504:role/readonly\",\n        \"arn:aws:iam::874979382819:role/readonly\"\n      ]\n    }\n  ]\n}\n"
                        },
                        "meta": {},
                        "tainted": false
                    },
                    "deposed": [],
                    "provider": ""
                },
                "aws_iam_group_policy.ps-sandbox-administrator": {
                    "type": "aws_iam_group_policy",
                    "depends_on": [
                        "aws_iam_group.ps-sandbox-administrator"
                    ],
                    "primary": {
                        "id": "ps-sandbox-administrator:ps-sandbox-administrator",
                        "attributes": {
                            "group": "ps-sandbox-administrator",
                            "id": "ps-sandbox-administrator:ps-sandbox-administrator",
                            "name": "ps-sandbox-administrator",
                            "policy": "{\n  \"Version\": \"2012-10-17\",\n  \"Statement\": [\n    {\n      \"Action\": [\n        \"sts:AssumeRole\"\n      ],\n      \"Effect\": \"Allow\",\n      \"Resource\": [\n        \"arn:aws:iam::042966178169:role/administrator\"\n      ]\n    }\n  ]\n}\n"
                        },
                        "meta": {},
                        "tainted": false
                    },
                    "deposed": [],
                    "provider": ""
                },
                "aws_iam_group_policy.ps-sandbox-poweruser": {
                    "type": "aws_iam_group_policy",
                    "depends_on": [
                        "aws_iam_group.ps-sandbox-poweruser"
                    ],
                    "primary": {
                        "id": "ps-sandbox-poweruser:ps-sandbox-poweruser",
                        "attributes": {
                            "group": "ps-sandbox-poweruser",
                            "id": "ps-sandbox-poweruser:ps-sandbox-poweruser",
                            "name": "ps-sandbox-poweruser",
                            "policy": "{\n  \"Version\": \"2012-10-17\",\n  \"Statement\": [\n    {\n      \"Action\": [\n        \"sts:AssumeRole\"\n      ],\n      \"Effect\": \"Allow\",\n      \"Resource\": [\n        \"arn:aws:iam::517449413234:role/poweruser\",\n        \"arn:aws:iam::816602928515:role/poweruser\",\n        \"arn:aws:iam::403612517204:role/poweruser\"\n      ]\n    }\n  ]\n}\n"
                        },
                        "meta": {},
                        "tainted": false
                    },
                    "deposed": [],
                    "provider": ""
                },
                "aws_iam_group_policy.ps-sandbox-readonly": {
                    "type": "aws_iam_group_policy",
                    "depends_on": [
                        "aws_iam_group.ps-sandbox-readonly"
                    ],
                    "primary": {
                        "id": "ps-sandbox-readonly:ps-sandbox-readonly",
                        "attributes": {
                            "group": "ps-sandbox-readonly",
                            "id": "ps-sandbox-readonly:ps-sandbox-readonly",
                            "name": "ps-sandbox-readonly",
                            "policy": "{\n  \"Version\": \"2012-10-17\",\n  \"Statement\": [\n    {\n      \"Action\": [\n        \"sts:AssumeRole\"\n      ],\n      \"Effect\": \"Allow\",\n      \"Resource\": [\n        \"arn:aws:iam::517449413234:role/readonly\",\n        \"arn:aws:iam::816602928515:role/readonly\",\n        \"arn:aws:iam::403612517204:role/readonly\"\n      ]\n    }\n  ]\n}\n"
                        },
                        "meta": {},
                        "tainted": false
                    },
                    "deposed": [],
                    "provider": ""
                },
                "aws_iam_group_policy.ps_policy": {
                    "type": "aws_iam_group_policy",
                    "depends_on": [
                        "aws_iam_group.ps"
                    ],
                    "primary": {
                        "id": "ps:ps_policy",
                        "attributes": {
                            "group": "ps",
                            "id": "ps:ps_policy",
                            "name": "ps_policy",
                            "policy": "{\n  \"Version\": \"2012-10-17\",\n  \"Statement\": [\n    {\n      \"Effect\": \"Allow\",\n      \"Action\": [\n        \"iam:*AccessKey*\",\n        \"iam:*LoginProfile\"\n      ],\n      \"Resource\": \"arn:aws:iam::236799202671:user/${aws:username}\"\n    },\n    {\n      \"Effect\": \"Allow\",\n      \"Action\": [\n        \"iam:ListAccount*\",\n        \"iam:GetAccountSummary\",\n        \"iam:GetAccountPasswordPolicy\",\n        \"iam:ListUsers\"\n      ],\n      \"Resource\": \"*\"\n    }\n  ]\n}\n"
                        },
                        "meta": {},
                        "tainted": false
                    },
                    "deposed": [],
                    "provider": ""
                },
                "aws_iam_group_policy.reco-administrator": {
                    "type": "aws_iam_group_policy",
                    "depends_on": [
                        "aws_iam_group.reco-administrator"
                    ],
                    "primary": {
                        "id": "reco-administrator:reco-administrator",
                        "attributes": {
                            "group": "reco-administrator",
                            "id": "reco-administrator:reco-administrator",
                            "name": "reco-administrator",
                            "policy": "{\n  \"Version\": \"2012-10-17\",\n  \"Statement\": [\n    {\n      \"Action\": [\n        \"sts:AssumeRole\"\n      ],\n      \"Effect\": \"Allow\",\n      \"Resource\": [\n        \"arn:aws:iam::870846026232:role/administrator\",\n        \"arn:aws:iam::549229563172:role/administrator\",\n        \"arn:aws:iam::642745549043:role/administrator\",\n        \"arn:aws:iam::403612517204:role/reco-administrator\"\n      ]\n    }\n  ]\n}\n"
                        },
                        "meta": {},
                        "tainted": false
                    },
                    "deposed": [],
                    "provider": ""
                },
                "aws_iam_group_policy.reco-poweruser": {
                    "type": "aws_iam_group_policy",
                    "depends_on": [
                        "aws_iam_group.reco-poweruser"
                    ],
                    "primary": {
                        "id": "reco-poweruser:reco-poweruser",
                        "attributes": {
                            "group": "reco-poweruser",
                            "id": "reco-poweruser:reco-poweruser",
                            "name": "reco-poweruser",
                            "policy": "{\n  \"Version\": \"2012-10-17\",\n  \"Statement\": [\n    {\n      \"Action\": [\n        \"sts:AssumeRole\"\n      ],\n      \"Effect\": \"Allow\",\n      \"Resource\": [\n        \"arn:aws:iam::870846026232:role/poweruser\",\n        \"arn:aws:iam::549229563172:role/poweruser\",\n        \"arn:aws:iam::642745549043:role/poweruser\"\n      ]\n    }\n  ]\n}\n"
                        },
                        "meta": {},
                        "tainted": false
                    },
                    "deposed": [],
                    "provider": ""
                },
                "aws_iam_group_policy.reco-readonly": {
                    "type": "aws_iam_group_policy",
                    "depends_on": [
                        "aws_iam_group.reco-readonly"
                    ],
                    "primary": {
                        "id": "reco-readonly:reco-readonly",
                        "attributes": {
                            "group": "reco-readonly",
                            "id": "reco-readonly:reco-readonly",
                            "name": "reco-readonly",
                            "policy": "{\n  \"Version\": \"2012-10-17\",\n  \"Statement\": [\n    {\n      \"Action\": [\n        \"sts:AssumeRole\"\n      ],\n      \"Effect\": \"Allow\",\n      \"Resource\": [\n        \"arn:aws:iam::870846026232:role/readonly\",\n        \"arn:aws:iam::549229563172:role/readonly\",\n        \"arn:aws:iam::642745549043:role/readonly\"\n      ]\n    }\n  ]\n}\n"
                        },
                        "meta": {},
                        "tainted": false
                    },
                    "deposed": [],
                    "provider": ""
                },
                "aws_iam_group_policy.reco-sandbox-administrator": {
                    "type": "aws_iam_group_policy",
                    "depends_on": [
                        "aws_iam_group.reco-sandbox-administrator"
                    ],
                    "primary": {
                        "id": "reco-sandbox-administrator:reco-sandbox-administrator",
                        "attributes": {
                            "group": "reco-sandbox-administrator",
                            "id": "reco-sandbox-administrator:reco-sandbox-administrator",
                            "name": "reco-sandbox-administrator",
                            "policy": "{\n  \"Version\": \"2012-10-17\",\n  \"Statement\": [\n    {\n      \"Action\": [\n        \"sts:AssumeRole\"\n      ],\n      \"Effect\": \"Allow\",\n      \"Resource\": [\n        \"arn:aws:iam::922236644688:role/administrator\"\n      ]\n    }\n  ]\n}\n"
                        },
                        "meta": {},
                        "tainted": false
                    },
                    "deposed": [],
                    "provider": ""
                },
                "aws_iam_group_policy.reco-sandbox-poweruser": {
                    "type": "aws_iam_group_policy",
                    "depends_on": [
                        "aws_iam_group.reco-sandbox-poweruser"
                    ],
                    "primary": {
                        "id": "reco-sandbox-poweruser:reco-sandbox-poweruser",
                        "attributes": {
                            "group": "reco-sandbox-poweruser",
                            "id": "reco-sandbox-poweruser:reco-sandbox-poweruser",
                            "name": "reco-sandbox-poweruser",
                            "policy": "{\n  \"Version\": \"2012-10-17\",\n  \"Statement\": [\n    {\n      \"Action\": [\n        \"sts:AssumeRole\"\n      ],\n      \"Effect\": \"Allow\",\n      \"Resource\": [\n        \"arn:aws:iam::922236644688:role/poweruser\"\n      ]\n    }\n  ]\n}\n"
                        },
                        "meta": {},
                        "tainted": false
                    },
                    "deposed": [],
                    "provider": ""
                },
                "aws_iam_group_policy.reco-sandbox-readonly": {
                    "type": "aws_iam_group_policy",
                    "depends_on": [
                        "aws_iam_group.reco-sandbox-readonly"
                    ],
                    "primary": {
                        "id": "reco-sandbox-readonly:reco-sandbox-readonly",
                        "attributes": {
                            "group": "reco-sandbox-readonly",
                            "id": "reco-sandbox-readonly:reco-sandbox-readonly",
                            "name": "reco-sandbox-readonly",
                            "policy": "{\n  \"Version\": \"2012-10-17\",\n  \"Statement\": [\n    {\n      \"Action\": [\n        \"sts:AssumeRole\"\n      ],\n      \"Effect\": \"Allow\",\n      \"Resource\": [\n        \"arn:aws:iam::922236644688:role/readonly\"\n      ]\n    }\n  ]\n}\n"
                        },
                        "meta": {},
                        "tainted": false
                    },
                    "deposed": [],
                    "provider": ""
                },
                "aws_iam_group_policy.reco_policy": {
                    "type": "aws_iam_group_policy",
                    "depends_on": [
                        "aws_iam_group.reco"
                    ],
                    "primary": {
                        "id": "reco:reco_policy",
                        "attributes": {
                            "group": "reco",
                            "id": "reco:reco_policy",
                            "name": "reco_policy",
                            "policy": "{\n  \"Version\": \"2012-10-17\",\n  \"Statement\": [\n    {\n      \"Effect\": \"Allow\",\n      \"Action\": [\n        \"iam:*AccessKey*\",\n        \"iam:*LoginProfile\"\n      ],\n      \"Resource\": \"arn:aws:iam::236799202671:user/${aws:username}\"\n    },\n    {\n      \"Effect\": \"Allow\",\n      \"Action\": [\n        \"iam:ListAccount*\",\n        \"iam:GetAccountSummary\",\n        \"iam:GetAccountPasswordPolicy\",\n        \"iam:ListUsers\"\n      ],\n      \"Resource\": \"*\"\n    }\n  ]\n}\n"
                        },
                        "meta": {},
                        "tainted": false
                    },
                    "deposed": [],
                    "provider": ""
                },
                "aws_iam_group_policy.sandbox": {
                    "type": "aws_iam_group_policy",
                    "depends_on": [
                        "aws_iam_group.sandbox"
                    ],
                    "primary": {
                        "id": "sandbox:sandbox",
                        "attributes": {
                            "group": "sandbox",
                            "id": "sandbox:sandbox",
                            "name": "sandbox",
                            "policy": "{\n  \"Version\": \"2012-10-17\",\n  \"Statement\": [\n    {\n      \"Action\": [\n        \"sts:AssumeRole\"\n      ],\n      \"Effect\": \"Allow\",\n      \"Resource\": [\n        \"arn:aws:iam::072535113705:role/*\"\n      ]\n    }\n  ]\n}\n"
                        },
                        "meta": {},
                        "tainted": false
                    },
                    "deposed": [],
                    "provider": ""
                },
                "aws_iam_group_policy.sre-pipeline-roles": {
                    "type": "aws_iam_group_policy",
                    "depends_on": [
                        "aws_iam_group.sre-pipeline-roles"
                    ],
                    "primary": {
                        "id": "sre-pipeline-roles:sre-pipeline-roles",
                        "attributes": {
                            "group": "sre-pipeline-roles",
                            "id": "sre-pipeline-roles:sre-pipeline-roles",
                            "name": "sre-pipeline-roles",
                            "policy": "{\n  \"Version\": \"2012-10-17\",\n  \"Statement\": [\n    {\n      \"Action\": [\n        \"sts:AssumeRole\"\n      ],\n      \"Effect\": \"Allow\",\n      \"Resource\": [\n        \"arn:aws:iam::811034720611:role/mako*\"\n      ]\n    }\n  ]\n}\n"
                        },
                        "meta": {},
                        "tainted": false
                    },
                    "deposed": [],
                    "provider": ""
                },
                "aws_iam_group_policy.sre_policy": {
                    "type": "aws_iam_group_policy",
                    "depends_on": [
                        "aws_iam_group.sre"
                    ],
                    "primary": {
                        "id": "sre:sre_policy",
                        "attributes": {
                            "group": "sre",
                            "id": "sre:sre_policy",
                            "name": "sre_policy",
                            "policy": "{\n  \"Version\": \"2012-10-17\",\n  \"Statement\": [\n    {\n      \"Effect\": \"Allow\",\n      \"Action\": [\n        \"iam:*AccessKey*\",\n        \"iam:*LoginProfile\"\n      ],\n      \"Resource\": \"arn:aws:iam::236799202671:user/${aws:username}\"\n    },\n    {\n      \"Effect\": \"Allow\",\n      \"Action\": [\n        \"iam:ListAccount*\",\n        \"iam:GetAccountSummary\",\n        \"iam:GetAccountPasswordPolicy\",\n        \"iam:ListUsers\"\n      ],\n      \"Resource\": \"*\"\n    }\n  ]\n}\n"
                        },
                        "meta": {},
                        "tainted": false
                    },
                    "deposed": [],
                    "provider": ""
                },
                "aws_iam_group_policy.support-administrator": {
                    "type": "aws_iam_group_policy",
                    "depends_on": [
                        "aws_iam_group.support-administrator"
                    ],
                    "primary": {
                        "id": "support-administrator:support-administrator",
                        "attributes": {
                            "group": "support-administrator",
                            "id": "support-administrator:support-administrator",
                            "name": "support-administrator",
                            "policy": "{\n  \"Version\": \"2012-10-17\",\n  \"Statement\": [\n    {\n      \"Action\": [\n        \"sts:AssumeRole\"\n      ],\n      \"Effect\": \"Allow\",\n      \"Resource\": [\n        \"arn:aws:iam::728487378642:role/administrator\"\n      ]\n    }\n  ]\n}\n"
                        },
                        "meta": {},
                        "tainted": false
                    },
                    "deposed": [],
                    "provider": ""
                },
                "aws_iam_group_policy.support-poweruser": {
                    "type": "aws_iam_group_policy",
                    "depends_on": [
                        "aws_iam_group.support-poweruser"
                    ],
                    "primary": {
                        "id": "support-poweruser:support-poweruser",
                        "attributes": {
                            "group": "support-poweruser",
                            "id": "support-poweruser:support-poweruser",
                            "name": "support-poweruser",
                            "policy": "{\n  \"Version\": \"2012-10-17\",\n  \"Statement\": [\n    {\n      \"Action\": [\n        \"sts:AssumeRole\"\n      ],\n      \"Effect\": \"Allow\",\n      \"Resource\": [\n        \"arn:aws:iam::517449413234:role/poweruser\",\n        \"arn:aws:iam::816602928515:role/poweruser\",\n        \"arn:aws:iam::403612517204:role/poweruser\"\n      ]\n    }\n  ]\n}\n"
                        },
                        "meta": {},
                        "tainted": false
                    },
                    "deposed": [],
                    "provider": ""
                },
                "aws_iam_group_policy.support-readonly": {
                    "type": "aws_iam_group_policy",
                    "depends_on": [
                        "aws_iam_group.support-readonly"
                    ],
                    "primary": {
                        "id": "support-readonly:support-readonly",
                        "attributes": {
                            "group": "support-readonly",
                            "id": "support-readonly:support-readonly",
                            "name": "support-readonly",
                            "policy": "{\n  \"Version\": \"2012-10-17\",\n  \"Statement\": [\n    {\n      \"Action\": [\n        \"sts:AssumeRole\"\n      ],\n      \"Effect\": \"Allow\",\n      \"Resource\": [\n        \"arn:aws:iam::517449413234:role/readonly\",\n        \"arn:aws:iam::816602928515:role/readonly\",\n        \"arn:aws:iam::403612517204:role/readonly\"\n      ]\n    }\n  ]\n}\n"
                        },
                        "meta": {},
                        "tainted": false
                    },
                    "deposed": [],
                    "provider": ""
                },
                "aws_iam_group_policy.support_policy": {
                    "type": "aws_iam_group_policy",
                    "depends_on": [
                        "aws_iam_group.support"
                    ],
                    "primary": {
                        "id": "support:support_policy",
                        "attributes": {
                            "group": "support",
                            "id": "support:support_policy",
                            "name": "support_policy",
                            "policy": "{\n  \"Version\": \"2012-10-17\",\n  \"Statement\": [\n    {\n      \"Effect\": \"Allow\",\n      \"Action\": [\n        \"iam:*AccessKey*\",\n        \"iam:*LoginProfile\"\n      ],\n      \"Resource\": \"arn:aws:iam::236799202671:user/${aws:username}\"\n    },\n    {\n      \"Effect\": \"Allow\",\n      \"Action\": [\n        \"iam:ListAccount*\",\n        \"iam:GetAccountSummary\",\n        \"iam:GetAccountPasswordPolicy\",\n        \"iam:ListUsers\"\n      ],\n      \"Resource\": \"*\"\n    }\n  ]\n}\n"
                        },
                        "meta": {},
                        "tainted": false
                    },
                    "deposed": [],
                    "provider": ""
                },
                "aws_iam_group_policy.tardis-administrator": {
                    "type": "aws_iam_group_policy",
                    "depends_on": [
                        "aws_iam_group.tardis-administrator"
                    ],
                    "primary": {
                        "id": "tardis-administrator:tardis-administrator",
                        "attributes": {
                            "group": "tardis-administrator",
                            "id": "tardis-administrator:tardis-administrator",
                            "name": "tardis-administrator",
                            "policy": "{\n  \"Version\": \"2012-10-17\",\n  \"Statement\": [\n    {\n      \"Action\": [\n        \"sts:AssumeRole\"\n      ],\n      \"Effect\": \"Allow\",\n      \"Resource\": [\n        \"arn:aws:iam::811034720611:role/tardis-administrator\",\n        \"arn:aws:iam::663559125979:role/tardis-administrator\"\n      ]\n    }\n  ]\n}\n"
                        },
                        "meta": {},
                        "tainted": false
                    },
                    "deposed": [],
                    "provider": ""
                },
                "aws_iam_group_policy.tardis_policy": {
                    "type": "aws_iam_group_policy",
                    "depends_on": [
                        "aws_iam_group.tardis"
                    ],
                    "primary": {
                        "id": "tardis:tardis_policy",
                        "attributes": {
                            "group": "tardis",
                            "id": "tardis:tardis_policy",
                            "name": "tardis_policy",
                            "policy": "{\n  \"Version\": \"2012-10-17\",\n  \"Statement\": [\n    {\n      \"Effect\": \"Allow\",\n      \"Action\": [\n        \"iam:*AccessKey*\",\n        \"iam:*LoginProfile\"\n      ],\n      \"Resource\": \"arn:aws:iam::236799202671:user/${aws:username}\"\n    },\n    {\n      \"Effect\": \"Allow\",\n      \"Action\": [\n        \"iam:ListAccount*\",\n        \"iam:GetAccountSummary\",\n        \"iam:GetAccountPasswordPolicy\",\n        \"iam:ListUsers\"\n      ],\n      \"Resource\": \"*\"\n    }\n  ]\n}\n"
                        },
                        "meta": {},
                        "tainted": false
                    },
                    "deposed": [],
                    "provider": ""
                },
                "aws_iam_policy.cloudability_billing": {
                    "type": "aws_iam_policy",
                    "depends_on": [],
                    "primary": {
                        "id": "arn:aws:iam::236799202671:policy/cloudability-billing",
                        "attributes": {
                            "arn": "arn:aws:iam::236799202671:policy/cloudability-billing",
                            "description": "Cloudability Billing policy to allow collection of billing data",
                            "id": "arn:aws:iam::236799202671:policy/cloudability-billing",
                            "name": "cloudability-billing",
                            "path": "/",
                            "policy": "{\n \"Version\": \"2012-10-17\",\n \"Statement\": [{\n   \"Effect\": \"Allow\",\n   \"Action\": [\n     \"ec2:DescribeInstances\",\n     \"ec2:DescribeImages\",\n     \"ec2:DescribeReservedInstances\",\n     \"ec2:DescribeReservedInstancesModifications\",\n     \"ec2:DescribeVolumes\",\n     \"ec2:DescribeSnapshots\",\n     \"cloudwatch:GetMetricStatistics\",\n     \"elasticache:DescribeReservedCacheNodes\",\n     \"elasticache:ListTagsForResource\",\n     \"rds:DescribeReservedDBInstances\",\n     \"rds:ListTagsForResource\",\n     \"redshift:DescribeReservedNodes\",\n     \"redshift:DescribeTags\"\n   ],\n   \"Resource\": \"*\"\n  }\n ]\n}\n"
                        },
                        "meta": {},
                        "tainted": false
                    },
                    "deposed": [],
                    "provider": ""
                },
                "aws_iam_policy.cloudhealth_ro": {
                    "type": "aws_iam_policy",
                    "depends_on": [],
                    "primary": {
                        "id": "arn:aws:iam::236799202671:policy/cloudhealth_ro",
                        "attributes": {
                            "arn": "arn:aws:iam::236799202671:policy/cloudhealth_ro",
                            "id": "arn:aws:iam::236799202671:policy/cloudhealth_ro",
                            "name": "cloudhealth_ro",
                            "path": "/",
                            "policy": "{\n  \"Version\": \"2012-10-17\",\n  \"Statement\": [\n    {\n      \"Effect\": \"Allow\",\n      \"Action\": [\n        \"aws-portal:ViewBilling\",\n        \"aws-portal:ViewUsage\",\n        \"autoscaling:Describe*\",\n        \"cloudformation:ListStacks\",\n        \"cloudformation:ListStackResources\",\n        \"cloudformation:DescribeStacks\",\n        \"cloudformation:DescribeStackEvents\",\n        \"cloudformation:DescribeStackResources\",\n        \"cloudformation:GetTemplate\",\n        \"cloudfront:Get*\",\n        \"cloudfront:List*\",\n        \"cloudwatch:Describe*\",\n        \"cloudwatch:Get*\",\n        \"cloudwatch:List*\",\n        \"dynamodb:DescribeTable\",\n        \"dynamodb:List*\",\n        \"ec2:Describe*\",\n        \"elasticache:Describe*\",\n        \"elasticache:ListTagsForResource\",\n        \"elasticbeanstalk:Check*\",\n        \"elasticbeanstalk:Describe*\",\n        \"elasticbeanstalk:List*\",\n        \"elasticbeanstalk:RequestEnvironmentInfo\",\n        \"elasticbeanstalk:RetrieveEnvironmentInfo\",\n        \"elasticloadbalancing:Describe*\",\n        \"elasticmapreduce:Describe*\",\n        \"elasticmapreduce:List*\",\n        \"iam:List*\",\n        \"iam:Get*\",\n        \"iam:GenerateCredentialReport\",\n        \"lambda:List*\",\n        \"redshift:Describe*\",\n        \"route53:Get*\",\n        \"route53:List*\",\n        \"rds:Describe*\",\n        \"rds:ListTagsForResource\",\n        \"s3:List*\",\n        \"s3:GetBucketTagging\",\n        \"s3:GetBucketLocation\",\n        \"s3:GetBucketLogging\",\n        \"s3:GetBucketVersioning\",\n        \"s3:GetBucketWebsite\",\n        \"sdb:GetAttributes\",\n        \"sdb:List*\",\n        \"ses:Get*\",\n        \"ses:List*\",\n        \"sns:Get*\",\n        \"sns:List*\",\n        \"sqs:GetQueueAttributes\",\n        \"sqs:ListQueues\",\n        \"storagegateway:List*\",\n        \"storagegateway:Describe*\",\n        \"config:Get*\",\n        \"config:Describe*\",\n        \"config:Deliver*\",\n        \"config:List*\"\n      ],\n      \"Resource\": \"*\"\n    }\n  ]\n}\n"
                        },
                        "meta": {},
                        "tainted": false
                    },
                    "deposed": [],
                    "provider": ""
                },
                "aws_iam_policy.datadog_cloudtrail_ro": {
                    "type": "aws_iam_policy",
                    "depends_on": [
                        "data.template_file.datadog_cloudtrail_ro"
                    ],
                    "primary": {
                        "id": "arn:aws:iam::236799202671:policy/datadog_cloudtrail_ro",
                        "attributes": {
                            "arn": "arn:aws:iam::236799202671:policy/datadog_cloudtrail_ro",
                            "id": "arn:aws:iam::236799202671:policy/datadog_cloudtrail_ro",
                            "name": "datadog_cloudtrail_ro",
                            "path": "/",
                            "policy": "{\n  \"Version\": \"2012-10-17\",\n  \"Statement\": [\n    {\n      \"Action\": [\n        \"s3:ListBucket\",\n        \"s3:GetBucketLocation\",\n        \"s3:GetObject\"\n      ],\n      \"Effect\": \"Allow\",\n      \"Resource\": [\n        \"arn:aws:s3:::jive-cloudtrail-jive-governor-usw2\",\n        \"arn:aws:s3:::jive-cloudtrail-jive-governor-usw2/*\"\n      ]\n    }\n  ]\n}\n"
                        },
                        "meta": {},
                        "tainted": false
                    },
                    "deposed": [],
                    "provider": ""
                },
                "aws_iam_policy.datadog_ro": {
                    "type": "aws_iam_policy",
                    "depends_on": [],
                    "primary": {
                        "id": "arn:aws:iam::236799202671:policy/datadog_ro",
                        "attributes": {
                            "arn": "arn:aws:iam::236799202671:policy/datadog_ro",
                            "id": "arn:aws:iam::236799202671:policy/datadog_ro",
                            "name": "datadog_ro",
                            "path": "/",
                            "policy": "{\n  \"Version\": \"2012-10-17\",\n  \"Statement\": [\n    {\n      \"Action\": [\n        \"autoscaling:Describe*\",\n        \"cloudtrail:DescribeTrails\",\n        \"cloudtrail:GetTrailStatus\",\n        \"cloudwatch:Describe*\",\n        \"cloudwatch:Get*\",\n        \"cloudwatch:List*\",\n        \"ec2:Describe*\",\n        \"ec2:Get*\",\n        \"ecs:Describe*\",\n        \"ecs:List*\",\n        \"elasticache:Describe*\",\n        \"elasticache:List*\",\n        \"elasticloadbalancing:Describe*\",\n        \"elasticmapreduce:List*\",\n        \"iam:Get*\",\n        \"iam:List*\",\n        \"kinesis:Get*\",\n        \"kinesis:List*\",\n        \"kinesis:Describe*\",\n        \"logs:Get*\",\n        \"logs:Describe*\",\n        \"logs:TestMetricFilter\",\n        \"rds:Describe*\",\n        \"rds:List*\",\n        \"route53:List*\",\n        \"ses:Get*\",\n        \"ses:List*\",\n        \"sns:List*\",\n        \"sns:Publish\",\n        \"sqs:GetQueueAttributes\",\n        \"sqs:ListQueues\",\n        \"sqs:ReceiveMessage\",\n        \"support:*\"\n      ],\n      \"Effect\": \"Allow\",\n      \"Resource\": \"*\"\n    }\n  ]\n}\n"
                        },
                        "meta": {},
                        "tainted": false
                    },
                    "deposed": [],
                    "provider": ""
                },
                "aws_iam_policy.okta-administrator": {
                    "type": "aws_iam_policy",
                    "depends_on": [],
                    "primary": {
                        "id": "arn:aws:iam::236799202671:policy/okta-administrator",
                        "attributes": {
                            "arn": "arn:aws:iam::236799202671:policy/okta-administrator",
                            "id": "arn:aws:iam::236799202671:policy/okta-administrator",
                            "name": "okta-administrator",
                            "path": "/",
                            "policy": "{\n  \"Version\": \"2012-10-17\",\n  \"Statement\": [\n    {\n      \"Effect\": \"Allow\",\n      \"Action\": \"*\",\n      \"Resource\": \"*\"\n    }\n  ]\n}\n"
                        },
                        "meta": {},
                        "tainted": false
                    },
                    "deposed": [],
                    "provider": ""
                },
                "aws_iam_policy.okta-poweruser": {
                    "type": "aws_iam_policy",
                    "depends_on": [],
                    "primary": {
                        "id": "arn:aws:iam::236799202671:policy/okta-poweruser",
                        "attributes": {
                            "arn": "arn:aws:iam::236799202671:policy/okta-poweruser",
                            "id": "arn:aws:iam::236799202671:policy/okta-poweruser",
                            "name": "okta-poweruser",
                            "path": "/",
                            "policy": "{\n    \"Version\": \"2012-10-17\",\n    \"Statement\": [\n        {\n            \"Effect\": \"Allow\",\n            \"NotAction\": [\n              \"iam:*\",\n              \"kms:*\",\n              \"s3:Get*\"\n            ],\n            \"Resource\": \"*\"\n        },\n        {\n            \"Effect\": \"Deny\",\n            \"Action\": \"s3:*\",\n            \"Resource\": [\n                \"arn:aws:s3:::*etcd*\",\n                \"arn:aws:s3:::*etcd*/*\",\n                \"arn:aws:s3:::*lemur*\",\n                \"arn:aws:s3:::*lemur*/*\",\n                \"arn:aws:s3:::*master*\",\n                \"arn:aws:s3:::*master*/*\",\n                \"arn:aws:s3:::*node*\",\n                \"arn:aws:s3:::*node*/*\"\n            ]\n        }\n    ]\n}"
                        },
                        "meta": {},
                        "tainted": false
                    },
                    "deposed": [],
                    "provider": ""
                },
                "aws_iam_policy.okta-readonly": {
                    "type": "aws_iam_policy",
                    "depends_on": [],
                    "primary": {
                        "id": "arn:aws:iam::236799202671:policy/okta-readonly",
                        "attributes": {
                            "arn": "arn:aws:iam::236799202671:policy/okta-readonly",
                            "id": "arn:aws:iam::236799202671:policy/okta-readonly",
                            "name": "okta-readonly",
                            "path": "/",
                            "policy": "{\n    \"Version\": \"2012-10-17\",\n    \"Statement\": [\n        {\n            \"Effect\": \"Allow\",\n            \"Action\": [\n              \"acm:DescribeCertificate\",\n              \"acm:GetCertificate\",\n              \"acm:ListCertificates\",\n              \"appstream:Get*\",\n              \"autoscaling:Describe*\",\n              \"cloudformation:DescribeStackEvents\",\n              \"cloudformation:DescribeStackResource\",\n              \"cloudformation:DescribeStackResources\",\n              \"cloudformation:DescribeStacks\",\n              \"cloudformation:GetTemplate\",\n              \"cloudformation:List*\",\n              \"cloudfront:Get*\",\n              \"cloudfront:List*\",\n              \"cloudsearch:Describe*\",\n              \"cloudsearch:List*\",\n              \"cloudtrail:DescribeTrails\",\n              \"cloudtrail:GetTrailStatus\",\n              \"cloudwatch:Describe*\",\n              \"cloudwatch:Get*\",\n              \"cloudwatch:List*\",\n              \"codecommit:BatchGetRepositories\",\n              \"codecommit:Get*\",\n              \"codecommit:GitPull\",\n              \"codecommit:List*\",\n              \"codedeploy:Batch*\",\n              \"codedeploy:Get*\",\n              \"codedeploy:List*\",\n              \"config:Deliver*\",\n              \"config:Describe*\",\n              \"config:Get*\",\n              \"datapipeline:DescribeObjects\",\n              \"datapipeline:DescribePipelines\",\n              \"datapipeline:EvaluateExpression\",\n              \"datapipeline:GetPipelineDefinition\",\n              \"datapipeline:ListPipelines\",\n              \"datapipeline:QueryObjects\",\n              \"datapipeline:ValidatePipelineDefinition\",\n              \"directconnect:Describe*\",\n              \"ds:Check*\",\n              \"ds:Describe*\",\n              \"ds:Get*\",\n              \"ds:List*\",\n              \"ds:Verify*\",\n              \"dynamodb:BatchGetItem\",\n              \"dynamodb:DescribeTable\",\n              \"dynamodb:GetItem\",\n              \"dynamodb:ListTables\",\n              \"dynamodb:Query\",\n              \"dynamodb:Scan\",\n              \"ec2:Describe*\",\n              \"ec2:GetConsoleOutput\",\n              \"ecr:GetAuthorizationToken\",\n              \"ecr:BatchCheckLayerAvailability\",\n              \"ecr:GetDownloadUrlForLayer\",\n              \"ecr:GetManifest\",\n              \"ecr:DescribeRepositories\",\n              \"ecr:ListImages\",\n              \"ecr:BatchGetImage\",\n              \"ecs:Describe*\",\n              \"ecs:List*\",\n              \"elasticache:Describe*\",\n              \"elasticache:List*\",\n              \"elasticbeanstalk:Check*\",\n              \"elasticbeanstalk:Describe*\",\n              \"elasticbeanstalk:List*\",\n              \"elasticbeanstalk:RequestEnvironmentInfo\",\n              \"elasticbeanstalk:RetrieveEnvironmentInfo\",\n              \"elasticloadbalancing:Describe*\",\n              \"elasticmapreduce:Describe*\",\n              \"elasticmapreduce:List*\",\n              \"elastictranscoder:List*\",\n              \"elastictranscoder:Read*\",\n              \"es:DescribeElasticsearchDomain\",\n              \"es:DescribeElasticsearchDomains\",\n              \"es:DescribeElasticsearchDomainConfig\",\n              \"es:ListDomainNames\",\n              \"es:ListTags\",\n              \"es:ESHttpGet\",\n              \"es:ESHttpHead\",\n              \"events:DescribeRule\",\n              \"events:ListRuleNamesByTarget\",\n              \"events:ListRules\",\n              \"events:ListTargetsByRule\",\n              \"events:TestEventPattern\",\n              \"firehose:Describe*\",\n              \"firehose:List*\",\n              \"glacier:ListVaults\",\n              \"glacier:DescribeVault\",\n              \"glacier:GetDataRetrievalPolicy\",\n              \"glacier:GetVaultAccessPolicy\",\n              \"glacier:GetVaultLock\",\n              \"glacier:GetVaultNotifications\",\n              \"glacier:ListJobs\",\n              \"glacier:ListMultipartUploads\",\n              \"glacier:ListParts\",\n              \"glacier:ListTagsForVault\",\n              \"glacier:DescribeJob\",\n              \"glacier:GetJobOutput\",\n              \"inspector:Describe*\",\n              \"inspector:Get*\",\n              \"inspector:List*\",\n              \"inspector:LocalizeText\",\n              \"inspector:PreviewAgentsForResourceGroup\",\n              \"iot:Describe*\",\n              \"iot:Get*\",\n              \"iot:List*\",\n              \"kinesis:Describe*\",\n              \"kinesis:Get*\",\n              \"kinesis:List*\",\n              \"lambda:List*\",\n              \"lambda:Get*\",\n              \"logs:Describe*\",\n              \"logs:Get*\",\n              \"logs:TestMetricFilter\",\n              \"machinelearning:Describe*\",\n              \"machinelearning:Get*\",\n              \"mobilehub:GetProject\",\n              \"mobilehub:ListAvailableFeatures\",\n              \"mobilehub:ListAvailableRegions\",\n              \"mobilehub:ListProjects\",\n              \"mobilehub:ValidateProject\",\n              \"mobilehub:VerifyServiceRole\",\n              \"opsworks:Describe*\",\n              \"opsworks:Get*\",\n              \"rds:Describe*\",\n              \"rds:ListTagsForResource\",\n              \"redshift:Describe*\",\n              \"redshift:ViewQueriesInConsole\",\n              \"route53:Get*\",\n              \"route53:List*\",\n              \"route53domains:CheckDomainAvailability\",\n              \"route53domains:GetDomainDetail\",\n              \"route53domains:GetOperationDetail\",\n              \"route53domains:ListDomains\",\n              \"route53domains:ListOperations\",\n              \"route53domains:ListTagsForDomain\",\n              \"s3:Get*\",\n              \"s3:List*\",\n              \"sdb:GetAttributes\",\n              \"sdb:List*\",\n              \"sdb:Select*\",\n              \"ses:Get*\",\n              \"ses:List*\",\n              \"sns:Get*\",\n              \"sns:List*\",\n              \"sqs:GetQueueAttributes\",\n              \"sqs:ListQueues\",\n              \"sqs:ReceiveMessage\",\n              \"storagegateway:Describe*\",\n              \"storagegateway:List*\",\n              \"swf:Count*\",\n              \"swf:Describe*\",\n              \"swf:Get*\",\n              \"swf:List*\",\n              \"tag:Get*\",\n              \"trustedadvisor:Describe*\",\n              \"waf:Get*\",\n              \"waf:List*\",\n              \"workspaces:Describe*\"\n            ],            \n            \"Resource\": \"*\"\n        },\n        {\n            \"Effect\": \"Deny\",\n            \"Action\": \"s3:*\",\n            \"Resource\": [\n                \"arn:aws:s3:::*etcd*\",\n                \"arn:aws:s3:::*etcd*/*\",\n                \"arn:aws:s3:::*lemur*\",\n                \"arn:aws:s3:::*lemur*/*\",\n                \"arn:aws:s3:::*master*\",\n                \"arn:aws:s3:::*master*/*\",\n                \"arn:aws:s3:::*node*\",\n                \"arn:aws:s3:::*node*/*\"\n            ]\n        }\n    ]\n}"
                        },
                        "meta": {},
                        "tainted": false
                    },
                    "deposed": [],
                    "provider": ""
                },
                "aws_iam_policy.rundeck_policy": {
                    "type": "aws_iam_policy",
                    "depends_on": [],
                    "primary": {
                        "id": "arn:aws:iam::236799202671:policy/rundeck-policy",
                        "attributes": {
                            "arn": "arn:aws:iam::236799202671:policy/rundeck-policy",
                            "description": "Rundeck policy to allow tagging",
                            "id": "arn:aws:iam::236799202671:policy/rundeck-policy",
                            "name": "rundeck-policy",
                            "path": "/",
                            "policy": "{\n    \"Version\": \"2012-10-17\",\n    \"Statement\": [\n        {\n            \"Sid\": \"RundeckPolicy\",\n            \"Effect\": \"Allow\",\n            \"Action\": [\n                \"ec2:CreateTags\",\n                \"ec2:DeleteTags\",\n                \"ec2:DescribeTags\",\n                \"ec2:ResourceTag\",\n                \"elasticloadbalancing:DescribeTags\",\n                \"elasticloadbalancing:RemoveTags\",\n                \"elasticloadbalancing:AddTags\",\n                \"elasticache:AddTagsToResource\",\n                \"elasticache:ListTagsForResource\",\n                \"elasticache:RemoveTagsFromResource\",\n                \"es:AddTags\",\n                \"es:ListTags\",\n                \"es:RemoveTags\",\n                \"kinesis:AddTagsToStream\",\n                \"kinesis:ListTagsForStream\",\n                \"kinesis:RemoveTagsFromStream\",\n                \"rds:AddTagsToResource\",\n                \"rds:ListTagsForResource\",\n                \"rds:ListTagsForResource\",\n                \"redshift:CreateTags\",\n                \"redshift:DeleteTags\",\n                \"redshift:DescribeTags\",\n                \"route53:ChangeTagsForResource\",\n                \"route53:ListTagsForResource\",\n                \"route53:ListTagsForResources\",\n                \"route53domains:DeleteTagsForDomain\",\n                \"route53domains:ListTagsForDomain\",\n                \"route53domains:UpdateTagsForDomain\",\n                \"s3:GetBucketTagging\",\n                \"s3:PutBucketTagging\",\n                \"autoscaling:CreateOrUpdateTags\",\n                \"autoscaling:DescribeTags\",\n                \"autoscaling:DeleteTags\",\n                \"cloudtrail:AddTags\",\n                \"cloudtrail:ListTags\",\n                \"cloudtrail:RemoveTags\"\n            ],\n            \"Resource\": \"*\"\n        }\n    ]\n}\n"
                        },
                        "meta": {},
                        "tainted": false
                    },
                    "deposed": [],
                    "provider": ""
                },
                "aws_iam_policy_attachment.administrator": {
                    "type": "aws_iam_policy_attachment",
                    "depends_on": [
                        "aws_iam_role.administrator"
                    ],
                    "primary": {
                        "id": "administrator",
                        "attributes": {
                            "groups.#": "0",
                            "id": "administrator",
                            "name": "administrator",
                            "policy_arn": "arn:aws:iam::aws:policy/AdministratorAccess",
                            "roles.#": "1",
                            "roles.1491011153": "administrator",
                            "users.#": "0"
                        },
                        "meta": {},
                        "tainted": false
                    },
                    "deposed": [],
                    "provider": ""
                },
                "aws_iam_policy_attachment.cloudability_billing": {
                    "type": "aws_iam_policy_attachment",
                    "depends_on": [
                        "aws_iam_policy.cloudability_billing",
                        "aws_iam_user.cloudability_billing"
                    ],
                    "primary": {
                        "id": "cloudability-billing",
                        "attributes": {
                            "groups.#": "0",
                            "id": "cloudability-billing",
                            "name": "cloudability-billing",
                            "policy_arn": "arn:aws:iam::236799202671:policy/cloudability-billing",
                            "roles.#": "0",
                            "users.#": "1",
                            "users.3249347572": "cloudability-billing"
                        },
                        "meta": {},
                        "tainted": false
                    },
                    "deposed": [],
                    "provider": ""
                },
                "aws_iam_policy_attachment.cloudhealth_ro": {
                    "type": "aws_iam_policy_attachment",
                    "depends_on": [
                        "aws_iam_policy.cloudhealth_ro",
                        "aws_iam_role.cloudhealth-ro"
                    ],
                    "primary": {
                        "id": "cloudhealth_ro",
                        "attributes": {
                            "groups.#": "0",
                            "id": "cloudhealth_ro",
                            "name": "cloudhealth_ro",
                            "policy_arn": "arn:aws:iam::236799202671:policy/cloudhealth_ro",
                            "roles.#": "1",
                            "roles.2548512684": "cloudhealth-ro",
                            "users.#": "0"
                        },
                        "meta": {},
                        "tainted": false
                    },
                    "deposed": [],
                    "provider": ""
                },
                "aws_iam_policy_attachment.datadog_cloudtrail_ro": {
                    "type": "aws_iam_policy_attachment",
                    "depends_on": [
                        "aws_iam_policy.datadog_cloudtrail_ro",
                        "aws_iam_role.datadog-ro"
                    ],
                    "primary": {
                        "id": "datadog_cloudtrail_ro",
                        "attributes": {
                            "groups.#": "0",
                            "id": "datadog_cloudtrail_ro",
                            "name": "datadog_cloudtrail_ro",
                            "policy_arn": "arn:aws:iam::236799202671:policy/datadog_cloudtrail_ro",
                            "roles.#": "1",
                            "roles.2871153092": "datadog-ro",
                            "users.#": "0"
                        },
                        "meta": {},
                        "tainted": false
                    },
                    "deposed": [],
                    "provider": ""
                },
                "aws_iam_policy_attachment.datadog_ro": {
                    "type": "aws_iam_policy_attachment",
                    "depends_on": [
                        "aws_iam_policy.datadog_ro",
                        "aws_iam_role.datadog-ro"
                    ],
                    "primary": {
                        "id": "datadog_ro",
                        "attributes": {
                            "groups.#": "0",
                            "id": "datadog_ro",
                            "name": "datadog_ro",
                            "policy_arn": "arn:aws:iam::236799202671:policy/datadog_ro",
                            "roles.#": "1",
                            "roles.2871153092": "datadog-ro",
                            "users.#": "0"
                        },
                        "meta": {},
                        "tainted": false
                    },
                    "deposed": [],
                    "provider": ""
                },
                "aws_iam_policy_attachment.iam_okta_full_access": {
                    "type": "aws_iam_policy_attachment",
                    "depends_on": [
                        "aws_iam_user.okta"
                    ],
                    "primary": {
                        "id": "iam_okta_full_access",
                        "attributes": {
                            "groups.#": "0",
                            "id": "iam_okta_full_access",
                            "name": "iam_okta_full_access",
                            "policy_arn": "arn:aws:iam::aws:policy/IAMFullAccess",
                            "roles.#": "0",
                            "users.#": "1",
                            "users.2003169716": "okta"
                        },
                        "meta": {},
                        "tainted": false
                    },
                    "deposed": [],
                    "provider": ""
                },
                "aws_iam_policy_attachment.okta-administrator": {
                    "type": "aws_iam_policy_attachment",
                    "depends_on": [
                        "aws_iam_policy.okta-administrator",
                        "aws_iam_role.okta-administrator"
                    ],
                    "primary": {
                        "id": "okta-administrator",
                        "attributes": {
                            "groups.#": "0",
                            "id": "okta-administrator",
                            "name": "okta-administrator",
                            "policy_arn": "arn:aws:iam::236799202671:policy/okta-administrator",
                            "roles.#": "1",
                            "roles.1835518372": "okta-administrator",
                            "users.#": "0"
                        },
                        "meta": {},
                        "tainted": false
                    },
                    "deposed": [],
                    "provider": ""
                },
                "aws_iam_policy_attachment.okta-poweruser": {
                    "type": "aws_iam_policy_attachment",
                    "depends_on": [
                        "aws_iam_policy.okta-poweruser",
                        "aws_iam_role.okta-poweruser"
                    ],
                    "primary": {
                        "id": "okta-poweruser",
                        "attributes": {
                            "groups.#": "0",
                            "id": "okta-poweruser",
                            "name": "okta-poweruser",
                            "policy_arn": "arn:aws:iam::236799202671:policy/okta-poweruser",
                            "roles.#": "1",
                            "roles.1227286402": "okta-poweruser",
                            "users.#": "0"
                        },
                        "meta": {},
                        "tainted": false
                    },
                    "deposed": [],
                    "provider": ""
                },
                "aws_iam_policy_attachment.okta-readonly": {
                    "type": "aws_iam_policy_attachment",
                    "depends_on": [
                        "aws_iam_policy.okta-readonly",
                        "aws_iam_role.okta-readonly"
                    ],
                    "primary": {
                        "id": "okta-readonly",
                        "attributes": {
                            "groups.#": "0",
                            "id": "okta-readonly",
                            "name": "okta-readonly",
                            "policy_arn": "arn:aws:iam::236799202671:policy/okta-readonly",
                            "roles.#": "1",
                            "roles.623623861": "okta-readonly",
                            "users.#": "0"
                        },
                        "meta": {},
                        "tainted": false
                    },
                    "deposed": [],
                    "provider": ""
                },
                "aws_iam_policy_attachment.poweruser": {
                    "type": "aws_iam_policy_attachment",
                    "depends_on": [
                        "aws_iam_role.poweruser"
                    ],
                    "primary": {
                        "id": "poweruser",
                        "attributes": {
                            "groups.#": "0",
                            "id": "poweruser",
                            "name": "poweruser",
                            "policy_arn": "arn:aws:iam::aws:policy/PowerUserAccess",
                            "roles.#": "1",
                            "roles.1095938010": "poweruser",
                            "users.#": "0"
                        },
                        "meta": {},
                        "tainted": false
                    },
                    "deposed": [],
                    "provider": ""
                },
                "aws_iam_policy_attachment.readonly": {
                    "type": "aws_iam_policy_attachment",
                    "depends_on": [
                        "aws_iam_role.readonly"
                    ],
                    "primary": {
                        "id": "readonly",
                        "attributes": {
                            "groups.#": "0",
                            "id": "readonly",
                            "name": "readonly",
                            "policy_arn": "arn:aws:iam::aws:policy/ReadOnlyAccess",
                            "roles.#": "1",
                            "roles.1012845560": "readonly",
                            "users.#": "0"
                        },
                        "meta": {},
                        "tainted": false
                    },
                    "deposed": [],
                    "provider": ""
                },
                "aws_iam_policy_attachment.rundeck_policy_attachment": {
                    "type": "aws_iam_policy_attachment",
                    "depends_on": [
                        "aws_iam_policy.rundeck_policy",
                        "aws_iam_user.rundeck"
                    ],
                    "primary": {
                        "id": "rundeck-policy-attachment",
                        "attributes": {
                            "groups.#": "0",
                            "id": "rundeck-policy-attachment",
                            "name": "rundeck-policy-attachment",
                            "policy_arn": "arn:aws:iam::236799202671:policy/rundeck-policy",
                            "roles.#": "0",
                            "users.#": "1",
                            "users.4120814089": "rundeck"
                        },
                        "meta": {},
                        "tainted": false
                    },
                    "deposed": [],
                    "provider": ""
                },
                "aws_iam_role.administrator": {
                    "type": "aws_iam_role",
                    "depends_on": [],
                    "primary": {
                        "id": "administrator",
                        "attributes": {
                            "arn": "arn:aws:iam::236799202671:role/administrator",
                            "assume_role_policy": "{\"Version\":\"2012-10-17\",\"Statement\":[{\"Effect\":\"Allow\",\"Principal\":{\"AWS\":\"arn:aws:iam::236799202671:root\"},\"Action\":\"sts:AssumeRole\"}]}",
                            "create_date": "2016-04-01T17:50:29Z",
                            "id": "administrator",
                            "name": "administrator",
                            "path": "/",
                            "unique_id": "AROAJDEPCZTL7SGBNMJ4E"
                        },
                        "meta": {},
                        "tainted": false
                    },
                    "deposed": [],
                    "provider": ""
                },
                "aws_iam_role.cloudhealth-ro": {
                    "type": "aws_iam_role",
                    "depends_on": [],
                    "primary": {
                        "id": "cloudhealth-ro",
                        "attributes": {
                            "arn": "arn:aws:iam::236799202671:role/cloudhealth-ro",
                            "assume_role_policy": "{\"Version\":\"2012-10-17\",\"Statement\":[{\"Effect\":\"Allow\",\"Principal\":{\"AWS\":\"arn:aws:iam::454464851268:root\"},\"Action\":\"sts:AssumeRole\",\"Condition\":{\"StringEquals\":{\"sts:ExternalId\":\"jcc4frMqLmEt5E7TjkJ8\"}}}]}",
                            "create_date": "2016-11-01T22:31:37Z",
                            "id": "cloudhealth-ro",
                            "name": "cloudhealth-ro",
                            "path": "/",
                            "unique_id": "AROAIMXHLEYNTNC4VIK26"
                        },
                        "meta": {},
                        "tainted": false
                    },
                    "deposed": [],
                    "provider": ""
                },
                "aws_iam_role.cloudtrail_cloudwatch": {
                    "type": "aws_iam_role",
                    "depends_on": [],
                    "primary": {
                        "id": "cloudtrail_cloudwatch",
                        "attributes": {
                            "arn": "arn:aws:iam::236799202671:role/cloudtrail_cloudwatch",
                            "assume_role_policy": "{\"Version\":\"2012-10-17\",\"Statement\":[{\"Effect\":\"Allow\",\"Principal\":{\"Service\":\"cloudtrail.amazonaws.com\"},\"Action\":\"sts:AssumeRole\"}]}",
                            "create_date": "2017-02-16T23:37:29Z",
                            "id": "cloudtrail_cloudwatch",
                            "name": "cloudtrail_cloudwatch",
                            "path": "/",
                            "unique_id": "AROAI535AYO2GGTAWHYTW"
                        },
                        "meta": {},
                        "tainted": false
                    },
                    "deposed": [],
                    "provider": ""
                },
                "aws_iam_role.datadog-ro": {
                    "type": "aws_iam_role",
                    "depends_on": [],
                    "primary": {
                        "id": "datadog-ro",
                        "attributes": {
                            "arn": "arn:aws:iam::236799202671:role/datadog-ro",
                            "assume_role_policy": "{\"Version\":\"2012-10-17\",\"Statement\":[{\"Effect\":\"Allow\",\"Principal\":{\"AWS\":\"arn:aws:iam::464622532012:root\"},\"Action\":\"sts:AssumeRole\",\"Condition\":{\"StringEquals\":{\"sts:ExternalId\":\"ba507546b395436e8b352c9b56b82f39\"}}}]}",
                            "create_date": "2016-07-12T01:31:04Z",
                            "id": "datadog-ro",
                            "name": "datadog-ro",
                            "path": "/",
                            "unique_id": "AROAICPCSI7BB23KJFIB4"
                        },
                        "meta": {},
                        "tainted": false
                    },
                    "deposed": [],
                    "provider": ""
                },
                "aws_iam_role.okta-administrator": {
                    "type": "aws_iam_role",
                    "depends_on": [
                        "data.template_file.okta-assumerole"
                    ],
                    "primary": {
                        "id": "okta-administrator",
                        "attributes": {
                            "arn": "arn:aws:iam::236799202671:role/okta-administrator",
                            "assume_role_policy": "{\"Version\":\"2012-10-17\",\"Statement\":[{\"Effect\":\"Allow\",\"Principal\":{\"Federated\":\"arn:aws:iam::236799202671:saml-provider/okta\"},\"Action\":\"sts:AssumeRoleWithSAML\",\"Condition\":{\"StringEquals\":{\"SAML:aud\":\"https://signin.aws.amazon.com/saml\"}}}]}",
                            "create_date": "2016-04-20T20:04:48Z",
                            "id": "okta-administrator",
                            "name": "okta-administrator",
                            "path": "/",
                            "unique_id": "AROAJE73IXDI3LAA3K44U"
                        },
                        "meta": {},
                        "tainted": false
                    },
                    "deposed": [],
                    "provider": ""
                },
                "aws_iam_role.okta-poweruser": {
                    "type": "aws_iam_role",
                    "depends_on": [
                        "data.template_file.okta-assumerole"
                    ],
                    "primary": {
                        "id": "okta-poweruser",
                        "attributes": {
                            "arn": "arn:aws:iam::236799202671:role/okta-poweruser",
                            "assume_role_policy": "{\"Version\":\"2012-10-17\",\"Statement\":[{\"Effect\":\"Allow\",\"Principal\":{\"Federated\":\"arn:aws:iam::236799202671:saml-provider/okta\"},\"Action\":\"sts:AssumeRoleWithSAML\",\"Condition\":{\"StringEquals\":{\"SAML:aud\":\"https://signin.aws.amazon.com/saml\"}}}]}",
                            "create_date": "2016-04-20T20:04:48Z",
                            "id": "okta-poweruser",
                            "name": "okta-poweruser",
                            "path": "/",
                            "unique_id": "AROAIHXZE337DJN6A6CXS"
                        },
                        "meta": {},
                        "tainted": false
                    },
                    "deposed": [],
                    "provider": ""
                },
                "aws_iam_role.okta-readonly": {
                    "type": "aws_iam_role",
                    "depends_on": [
                        "data.template_file.okta-assumerole"
                    ],
                    "primary": {
                        "id": "okta-readonly",
                        "attributes": {
                            "arn": "arn:aws:iam::236799202671:role/okta-readonly",
                            "assume_role_policy": "{\"Version\":\"2012-10-17\",\"Statement\":[{\"Effect\":\"Allow\",\"Principal\":{\"Federated\":\"arn:aws:iam::236799202671:saml-provider/okta\"},\"Action\":\"sts:AssumeRoleWithSAML\",\"Condition\":{\"StringEquals\":{\"SAML:aud\":\"https://signin.aws.amazon.com/saml\"}}}]}",
                            "create_date": "2016-04-20T20:04:48Z",
                            "id": "okta-readonly",
                            "name": "okta-readonly",
                            "path": "/",
                            "unique_id": "AROAJWMFZ3HNAIIPEY74I"
                        },
                        "meta": {},
                        "tainted": false
                    },
                    "deposed": [],
                    "provider": ""
                },
                "aws_iam_role.poweruser": {
                    "type": "aws_iam_role",
                    "depends_on": [],
                    "primary": {
                        "id": "poweruser",
                        "attributes": {
                            "arn": "arn:aws:iam::236799202671:role/poweruser",
                            "assume_role_policy": "{\"Version\":\"2012-10-17\",\"Statement\":[{\"Effect\":\"Allow\",\"Principal\":{\"AWS\":\"arn:aws:iam::236799202671:root\"},\"Action\":\"sts:AssumeRole\"}]}",
                            "create_date": "2016-04-01T17:50:29Z",
                            "id": "poweruser",
                            "name": "poweruser",
                            "path": "/",
                            "unique_id": "AROAJCXV2CTXXOSCLXHP2"
                        },
                        "meta": {},
                        "tainted": false
                    },
                    "deposed": [],
                    "provider": ""
                },
                "aws_iam_role.readonly": {
                    "type": "aws_iam_role",
                    "depends_on": [],
                    "primary": {
                        "id": "readonly",
                        "attributes": {
                            "arn": "arn:aws:iam::236799202671:role/readonly",
                            "assume_role_policy": "{\"Version\":\"2012-10-17\",\"Statement\":[{\"Effect\":\"Allow\",\"Principal\":{\"AWS\":\"arn:aws:iam::236799202671:root\"},\"Action\":\"sts:AssumeRole\"}]}",
                            "create_date": "2016-04-01T17:50:29Z",
                            "id": "readonly",
                            "name": "readonly",
                            "path": "/",
                            "unique_id": "AROAIWD4PW2BXJFTYFVAO"
                        },
                        "meta": {},
                        "tainted": false
                    },
                    "deposed": [],
                    "provider": ""
                },
                "aws_iam_role_policy.cloudtrail_cloudwatch": {
                    "type": "aws_iam_role_policy",
                    "depends_on": [
                        "aws_cloudwatch_log_group.cloudtrail_logs",
                        "aws_iam_role.cloudtrail_cloudwatch"
                    ],
                    "primary": {
                        "id": "cloudtrail_cloudwatch:cloudtrail_cloudwatch",
                        "attributes": {
                            "id": "cloudtrail_cloudwatch:cloudtrail_cloudwatch",
                            "name": "cloudtrail_cloudwatch",
                            "policy": "{\n    \"Version\": \"2012-10-17\",\n    \"Statement\": [\n        {\n            \"Sid\": \"AWSCloudTrailCreateLogStream\",\n            \"Effect\": \"Allow\",\n            \"Action\": [\n                \"logs:CreateLogStream\"\n            ],\n            \"Resource\": [\n                \"arn:aws:logs:us-west-2:236799202671:log-group:cloudtrail/logs:log-stream:236799202671_CloudTrail_us-west-2*\"\n            ]\n        },\n        {\n            \"Sid\": \"AWSCloudTrailPutLogEvents\",\n            \"Effect\": \"Allow\",\n            \"Action\": [\n                \"logs:PutLogEvents\"\n            ],\n            \"Resource\": [\n                \"arn:aws:logs:us-west-2:236799202671:log-group:cloudtrail/logs:log-stream:236799202671_CloudTrail_us-west-2*\"\n            ]\n        }\n    ]\n}\n",
                            "role": "cloudtrail_cloudwatch"
                        },
                        "meta": {},
                        "tainted": false
                    },
                    "deposed": [],
                    "provider": ""
                },
                "aws_iam_saml_provider.default": {
                    "type": "aws_iam_saml_provider",
                    "depends_on": [],
                    "primary": {
                        "id": "arn:aws:iam::236799202671:saml-provider/okta",
                        "attributes": {
                            "arn": "arn:aws:iam::236799202671:saml-provider/okta",
                            "id": "arn:aws:iam::236799202671:saml-provider/okta",
                            "name": "okta",
                            "saml_metadata_document": "\u003c?xml version=\"1.0\" encoding=\"UTF-8\"?\u003e\n\u003cmd:EntityDescriptor xmlns:md=\"urn:oasis:names:tc:SAML:2.0:metadata\" entityID=\"http://www.okta.com/exk17845c4eVJiybL1d8\"\u003e\n  \u003cmd:IDPSSODescriptor WantAuthnRequestsSigned=\"true\" protocolSupportEnumeration=\"urn:oasis:names:tc:SAML:2.0:protocol\"\u003e\n    \u003cmd:KeyDescriptor use=\"signing\"\u003e\n      \u003cds:KeyInfo xmlns:ds=\"http://www.w3.org/2000/09/xmldsig#\"\u003e\n        \u003cds:X509Data\u003e\n          \u003cds:X509Certificate\u003eMIIDmDCCAoCgAwIBAgIGAUtBVtzPMA0GCSqGSIb3DQEBBQUAMIGMMQswCQYDVQQGEwJVUzETMBEG\nA1UECAwKQ2FsaWZvcm5pYTEWMBQGA1UEBwwNU2FuIEZyYW5jaXNjbzENMAsGA1UECgwET2t0YTEU\nMBIGA1UECwwLU1NPUHJvdmlkZXIxDTALBgNVBAMMBGppdmUxHDAaBgkqhkiG9w0BCQEWDWluZm9A\nb2t0YS5jb20wHhcNMTUwMTMxMTg1MjA2WhcNNDUwMTMxMTg1MzA2WjCBjDELMAkGA1UEBhMCVVMx\nEzARBgNVBAgMCkNhbGlmb3JuaWExFjAUBgNVBAcMDVNhbiBGcmFuY2lzY28xDTALBgNVBAoMBE9r\ndGExFDASBgNVBAsMC1NTT1Byb3ZpZGVyMQ0wCwYDVQQDDARqaXZlMRwwGgYJKoZIhvcNAQkBFg1p\nbmZvQG9rdGEuY29tMIIBIjANBgkqhkiG9w0BAQEFAAOCAQ8AMIIBCgKCAQEAvyFTFg6xXPgRRcx6\nGmUkVMo/l2QMLWZLBSQtQWQigQ/ionR0uYH2/v4iJwDL8aEBfeX40D8wpFJYn0vEiS40G7PARQQd\n4vgUuE1BvqVt+ytKgKb4sEOaP6IIvfyAGsU2s4+bzmSOJM916el6bMAUzLyftTpoyMWbC2eVrISX\n370FErvfjUFWPE4TK7vYR5AkkYp/M/dfTlLtf37O5lURgLqGvvWTqvQ0iCR8XXDuqE+lp8+3OPXZ\nw9SkEZEs66YFAE8gLdConUK/8jxUTxYoyBzvGt/b2gVylvTUl3r4X+bLOKiIYdO4i1OP5QmzDQ1m\nMTUkV6DynoB6wrOA9mFKuwIDAQABMA0GCSqGSIb3DQEBBQUAA4IBAQAacNdkFlxyHczbm8CHZT58\nTyT75aZ6utkOt971bnI7i/pNJ2lazOAaUjTVhHehyZLU8vRK+QVduaWirjOh/ZChgLit4Hn5Q6j8\nDCtxf7GXtsWcbGzjMyqZqshZY+Oop7RkwCuAt10xsZiDzhODqjUut87Smj24Rj/xNMQXzY4wjG0n\nJyEEaTeNbxIeNvbY/2szB96hLVPUxYD5pgGxNjKlM5SCmN/QhUuKFVgnQ8sMPgEKbAd7Dw1vf/RF\nXg9+0K94NjRVjZNFDLtw/HHQoN2jgtXLXsPPIKCkUEH1p16vCixfGdpPbgLUSA3th2d5oRRUHPUi\nGy84znavIOH68EYt\u003c/ds:X509Certificate\u003e\n          \u003c/ds:X509Data\u003e\n        \u003c/ds:KeyInfo\u003e\n      \u003c/md:KeyDescriptor\u003e\n    \u003cmd:NameIDFormat\u003eurn:oasis:names:tc:SAML:1.1:nameid-format:emailAddress\u003c/md:NameIDFormat\u003e\n    \u003cmd:NameIDFormat\u003eurn:oasis:names:tc:SAML:1.1:nameid-format:unspecified\u003c/md:NameIDFormat\u003e\n    \u003cmd:SingleSignOnService Binding=\"urn:oasis:names:tc:SAML:2.0:bindings:HTTP-POST\" Location=\"https://jive.okta.com/app/amazon_aws/exk17845c4eVJiybL1d8/sso/saml\"/\u003e\n    \u003cmd:SingleSignOnService Binding=\"urn:oasis:names:tc:SAML:2.0:bindings:HTTP-Redirect\" Location=\"https://jive.okta.com/app/amazon_aws/exk17845c4eVJiybL1d8/sso/saml\"/\u003e\n  \u003c/md:IDPSSODescriptor\u003e\n\u003c/md:EntityDescriptor\u003e\n",
                            "valid_until": "Mon, 20 Apr 2116 20:04:47 UTC"
                        },
                        "meta": {},
                        "tainted": false
                    },
                    "deposed": [],
                    "provider": ""
                },
                "aws_iam_user.aaron_shaver": {
                    "type": "aws_iam_user",
                    "depends_on": [],
                    "primary": {
                        "id": "aaron.shaver",
                        "attributes": {
                            "arn": "arn:aws:iam::236799202671:user/aaron.shaver",
                            "force_destroy": "false",
                            "id": "aaron.shaver",
                            "name": "aaron.shaver",
                            "path": "/",
                            "unique_id": "AIDAIQFIGMAIY2EZIAXCG"
                        },
                        "meta": {},
                        "tainted": false
                    },
                    "deposed": [],
                    "provider": ""
                },
                "aws_iam_user.adam_luckey": {
                    "type": "aws_iam_user",
                    "depends_on": [],
                    "primary": {
                        "id": "adam.luckey",
                        "attributes": {
                            "arn": "arn:aws:iam::236799202671:user/adam.luckey",
                            "force_destroy": "false",
                            "id": "adam.luckey",
                            "name": "adam.luckey",
                            "path": "/",
                            "unique_id": "AIDAI52OBXW4A6LLVM5VM"
                        },
                        "meta": {},
                        "tainted": false
                    },
                    "deposed": [],
                    "provider": ""
                },
                "aws_iam_user.alexey_zotov": {
                    "type": "aws_iam_user",
                    "depends_on": [],
                    "primary": {
                        "id": "alexey.zotov",
                        "attributes": {
                            "arn": "arn:aws:iam::236799202671:user/alexey.zotov",
                            "force_destroy": "false",
                            "id": "alexey.zotov",
                            "name": "alexey.zotov",
                            "path": "/",
                            "unique_id": "AIDAILPDQROF5BPT6VAAQ"
                        },
                        "meta": {},
                        "tainted": false
                    },
                    "deposed": [],
                    "provider": ""
                },
                "aws_iam_user.amber_orenstein": {
                    "type": "aws_iam_user",
                    "depends_on": [],
                    "primary": {
                        "id": "amber.orenstein",
                        "attributes": {
                            "arn": "arn:aws:iam::236799202671:user/amber.orenstein",
                            "force_destroy": "false",
                            "id": "amber.orenstein",
                            "name": "amber.orenstein",
                            "path": "/",
                            "unique_id": "AIDAIEIBIX77CPO536P6Y"
                        },
                        "meta": {},
                        "tainted": false
                    },
                    "deposed": [],
                    "provider": ""
                },
                "aws_iam_user.andras_liter": {
                    "type": "aws_iam_user",
                    "depends_on": [],
                    "primary": {
                        "id": "andras.liter",
                        "attributes": {
                            "arn": "arn:aws:iam::236799202671:user/andras.liter",
                            "force_destroy": "false",
                            "id": "andras.liter",
                            "name": "andras.liter",
                            "path": "/",
                            "unique_id": "AIDAI3TCQC4DBVABGU4YQ"
                        },
                        "meta": {},
                        "tainted": false
                    },
                    "deposed": [],
                    "provider": ""
                },
                "aws_iam_user.anthony_mack": {
                    "type": "aws_iam_user",
                    "depends_on": [],
                    "primary": {
                        "id": "anthony.mack",
                        "attributes": {
                            "arn": "arn:aws:iam::236799202671:user/anthony.mack",
                            "force_destroy": "false",
                            "id": "anthony.mack",
                            "name": "anthony.mack",
                            "path": "/",
                            "unique_id": "AIDAI2UX7BUGX5YKP5EKC"
                        },
                        "meta": {},
                        "tainted": false
                    },
                    "deposed": [],
                    "provider": ""
                },
                "aws_iam_user.arnold_benson": {
                    "type": "aws_iam_user",
                    "depends_on": [],
                    "primary": {
                        "id": "arnold.benson",
                        "attributes": {
                            "arn": "arn:aws:iam::236799202671:user/arnold.benson",
                            "force_destroy": "false",
                            "id": "arnold.benson",
                            "name": "arnold.benson",
                            "path": "/",
                            "unique_id": "AIDAIQZUPMGRHESTSUY4U"
                        },
                        "meta": {},
                        "tainted": false
                    },
                    "deposed": [],
                    "provider": ""
                },
                "aws_iam_user.austen_rustrum": {
                    "type": "aws_iam_user",
                    "depends_on": [],
                    "primary": {
                        "id": "austen.rustrum",
                        "attributes": {
                            "arn": "arn:aws:iam::236799202671:user/austen.rustrum",
                            "force_destroy": "false",
                            "id": "austen.rustrum",
                            "name": "austen.rustrum",
                            "path": "/",
                            "unique_id": "AIDAIKQ6XC6NELYPE4SSK"
                        },
                        "meta": {},
                        "tainted": false
                    },
                    "deposed": [],
                    "provider": ""
                },
                "aws_iam_user.bar_avidan": {
                    "type": "aws_iam_user",
                    "depends_on": [],
                    "primary": {
                        "id": "bar.avidan",
                        "attributes": {
                            "arn": "arn:aws:iam::236799202671:user/bar.avidan",
                            "force_destroy": "false",
                            "id": "bar.avidan",
                            "name": "bar.avidan",
                            "path": "/",
                            "unique_id": "AIDAJRHRBKJQWAURQL4XQ"
                        },
                        "meta": {},
                        "tainted": false
                    },
                    "deposed": [],
                    "provider": ""
                },
                "aws_iam_user.benjamin_sherman": {
                    "type": "aws_iam_user",
                    "depends_on": [],
                    "primary": {
                        "id": "benjamin.sherman",
                        "attributes": {
                            "arn": "arn:aws:iam::236799202671:user/benjamin.sherman",
                            "force_destroy": "false",
                            "id": "benjamin.sherman",
                            "name": "benjamin.sherman",
                            "path": "/",
                            "unique_id": "AIDAJ7AQKDJB75UGDFRFC"
                        },
                        "meta": {},
                        "tainted": false
                    },
                    "deposed": [],
                    "provider": ""
                },
                "aws_iam_user.benji_smith": {
                    "type": "aws_iam_user",
                    "depends_on": [],
                    "primary": {
                        "id": "benji.smith",
                        "attributes": {
                            "arn": "arn:aws:iam::236799202671:user/benji.smith",
                            "force_destroy": "false",
                            "id": "benji.smith",
                            "name": "benji.smith",
                            "path": "/",
                            "unique_id": "AIDAJV7MYU6PJODVXGHTU"
                        },
                        "meta": {},
                        "tainted": false
                    },
                    "deposed": [],
                    "provider": ""
                },
                "aws_iam_user.boris_yakovito": {
                    "type": "aws_iam_user",
                    "depends_on": [],
                    "primary": {
                        "id": "boris.yakovito",
                        "attributes": {
                            "arn": "arn:aws:iam::236799202671:user/boris.yakovito",
                            "force_destroy": "false",
                            "id": "boris.yakovito",
                            "name": "boris.yakovito",
                            "path": "/",
                            "unique_id": "AIDAIAU3EBFAJKJQQ4KY2"
                        },
                        "meta": {},
                        "tainted": false
                    },
                    "deposed": [],
                    "provider": ""
                },
                "aws_iam_user.bruce_downs": {
                    "type": "aws_iam_user",
                    "depends_on": [],
                    "primary": {
                        "id": "bruce.downs",
                        "attributes": {
                            "arn": "arn:aws:iam::236799202671:user/bruce.downs",
                            "force_destroy": "false",
                            "id": "bruce.downs",
                            "name": "bruce.downs",
                            "path": "/",
                            "unique_id": "AIDAIA2OQUGV6NNOFMKXE"
                        },
                        "meta": {},
                        "tainted": false
                    },
                    "deposed": [],
                    "provider": ""
                },
                "aws_iam_user.chris_valaas": {
                    "type": "aws_iam_user",
                    "depends_on": [],
                    "primary": {
                        "id": "chris.valaas",
                        "attributes": {
                            "arn": "arn:aws:iam::236799202671:user/chris.valaas",
                            "force_destroy": "false",
                            "id": "chris.valaas",
                            "name": "chris.valaas",
                            "path": "/",
                            "unique_id": "AIDAJBI436L7A6QO4EUKK"
                        },
                        "meta": {},
                        "tainted": false
                    },
                    "deposed": [],
                    "provider": ""
                },
                "aws_iam_user.cloudability_billing": {
                    "type": "aws_iam_user",
                    "depends_on": [],
                    "primary": {
                        "id": "cloudability-billing",
                        "attributes": {
                            "arn": "arn:aws:iam::236799202671:user/cloudability-billing",
                            "force_destroy": "false",
                            "id": "cloudability-billing",
                            "name": "cloudability-billing",
                            "path": "/",
                            "unique_id": "AIDAJLLCLP26KBRIXIOFK"
                        },
                        "meta": {},
                        "tainted": false
                    },
                    "deposed": [],
                    "provider": ""
                },
                "aws_iam_user.craig_mcclanahan": {
                    "type": "aws_iam_user",
                    "depends_on": [],
                    "primary": {
                        "id": "craig.mcclanahan",
                        "attributes": {
                            "arn": "arn:aws:iam::236799202671:user/craig.mcclanahan",
                            "force_destroy": "false",
                            "id": "craig.mcclanahan",
                            "name": "craig.mcclanahan",
                            "path": "/",
                            "unique_id": "AIDAJMXWPSQE7Q7SYEKKU"
                        },
                        "meta": {},
                        "tainted": false
                    },
                    "deposed": [],
                    "provider": ""
                },
                "aws_iam_user.daniel_harada": {
                    "type": "aws_iam_user",
                    "depends_on": [],
                    "primary": {
                        "id": "daniel.harada",
                        "attributes": {
                            "arn": "arn:aws:iam::236799202671:user/daniel.harada",
                            "force_destroy": "false",
                            "id": "daniel.harada",
                            "name": "daniel.harada",
                            "path": "/",
                            "unique_id": "AIDAIV4L46HAA2GUGQV76"
                        },
                        "meta": {},
                        "tainted": false
                    },
                    "deposed": [],
                    "provider": ""
                },
                "aws_iam_user.david_brown": {
                    "type": "aws_iam_user",
                    "depends_on": [],
                    "primary": {
                        "id": "david.brown",
                        "attributes": {
                            "arn": "arn:aws:iam::236799202671:user/david.brown",
                            "force_destroy": "false",
                            "id": "david.brown",
                            "name": "david.brown",
                            "path": "/",
                            "unique_id": "AIDAIHVSHHL7XDRUPMWVE"
                        },
                        "meta": {},
                        "tainted": false
                    },
                    "deposed": [],
                    "provider": ""
                },
                "aws_iam_user.david_meoded": {
                    "type": "aws_iam_user",
                    "depends_on": [],
                    "primary": {
                        "id": "david.meoded",
                        "attributes": {
                            "arn": "arn:aws:iam::236799202671:user/david.meoded",
                            "force_destroy": "false",
                            "id": "david.meoded",
                            "name": "david.meoded",
                            "path": "/",
                            "unique_id": "AIDAIPIRV2E3ZZCJ6QKYI"
                        },
                        "meta": {},
                        "tainted": false
                    },
                    "deposed": [],
                    "provider": ""
                },
                "aws_iam_user.david_sundberg": {
                    "type": "aws_iam_user",
                    "depends_on": [],
                    "primary": {
                        "id": "david.sundberg",
                        "attributes": {
                            "arn": "arn:aws:iam::236799202671:user/david.sundberg",
                            "force_destroy": "false",
                            "id": "david.sundberg",
                            "name": "david.sundberg",
                            "path": "/",
                            "unique_id": "AIDAJCUI45CUHEU4TROLI"
                        },
                        "meta": {},
                        "tainted": false
                    },
                    "deposed": [],
                    "provider": ""
                },
                "aws_iam_user.david_throckmorton": {
                    "type": "aws_iam_user",
                    "depends_on": [],
                    "primary": {
                        "id": "david.throckmorton",
                        "attributes": {
                            "arn": "arn:aws:iam::236799202671:user/david.throckmorton",
                            "force_destroy": "false",
                            "id": "david.throckmorton",
                            "name": "david.throckmorton",
                            "path": "/",
                            "unique_id": "AIDAJNSBOYRSZZ4OCBL2K"
                        },
                        "meta": {},
                        "tainted": false
                    },
                    "deposed": [],
                    "provider": ""
                },
                "aws_iam_user.devon_peters": {
                    "type": "aws_iam_user",
                    "depends_on": [],
                    "primary": {
                        "id": "devon.peters",
                        "attributes": {
                            "arn": "arn:aws:iam::236799202671:user/devon.peters",
                            "force_destroy": "false",
                            "id": "devon.peters",
                            "name": "devon.peters",
                            "path": "/",
                            "unique_id": "AIDAIHF2RIDVEPXCUJG5K"
                        },
                        "meta": {},
                        "tainted": false
                    },
                    "deposed": [],
                    "provider": ""
                },
                "aws_iam_user.don_forbes": {
                    "type": "aws_iam_user",
                    "depends_on": [],
                    "primary": {
                        "id": "don.forbes",
                        "attributes": {
                            "arn": "arn:aws:iam::236799202671:user/don.forbes",
                            "force_destroy": "false",
                            "id": "don.forbes",
                            "name": "don.forbes",
                            "path": "/",
                            "unique_id": "AIDAJRFAALTKQLCC5PCR6"
                        },
                        "meta": {},
                        "tainted": false
                    },
                    "deposed": [],
                    "provider": ""
                },
                "aws_iam_user.dor_graidy": {
                    "type": "aws_iam_user",
                    "depends_on": [],
                    "primary": {
                        "id": "dor.graidy",
                        "attributes": {
                            "arn": "arn:aws:iam::236799202671:user/dor.graidy",
                            "force_destroy": "false",
                            "id": "dor.graidy",
                            "name": "dor.graidy",
                            "path": "/",
                            "unique_id": "AIDAIBJ6YETY62SMSKPK2"
                        },
                        "meta": {},
                        "tainted": false
                    },
                    "deposed": [],
                    "provider": ""
                },
                "aws_iam_user.drew_teeter": {
                    "type": "aws_iam_user",
                    "depends_on": [],
                    "primary": {
                        "id": "drew.teeter",
                        "attributes": {
                            "arn": "arn:aws:iam::236799202671:user/drew.teeter",
                            "force_destroy": "false",
                            "id": "drew.teeter",
                            "name": "drew.teeter",
                            "path": "/",
                            "unique_id": "AIDAJN65JRJGBK5CO7ACG"
                        },
                        "meta": {},
                        "tainted": false
                    },
                    "deposed": [],
                    "provider": ""
                },
                "aws_iam_user.ed_snajder": {
                    "type": "aws_iam_user",
                    "depends_on": [],
                    "primary": {
                        "id": "ed.snajder",
                        "attributes": {
                            "arn": "arn:aws:iam::236799202671:user/ed.snajder",
                            "force_destroy": "false",
                            "id": "ed.snajder",
                            "name": "ed.snajder",
                            "path": "/",
                            "unique_id": "AIDAJ7J4EZITBNRCQTYDS"
                        },
                        "meta": {},
                        "tainted": false
                    },
                    "deposed": [],
                    "provider": ""
                },
                "aws_iam_user.erwin_driessen": {
                    "type": "aws_iam_user",
                    "depends_on": [],
                    "primary": {
                        "id": "erwin.driessen",
                        "attributes": {
                            "arn": "arn:aws:iam::236799202671:user/erwin.driessen",
                            "force_destroy": "false",
                            "id": "erwin.driessen",
                            "name": "erwin.driessen",
                            "path": "/",
                            "unique_id": "AIDAI37XL5F6U7I22CE7O"
                        },
                        "meta": {},
                        "tainted": false
                    },
                    "deposed": [],
                    "provider": ""
                },
                "aws_iam_user.frank_davalos": {
                    "type": "aws_iam_user",
                    "depends_on": [],
                    "primary": {
                        "id": "frank.davalos",
                        "attributes": {
                            "arn": "arn:aws:iam::236799202671:user/frank.davalos",
                            "force_destroy": "false",
                            "id": "frank.davalos",
                            "name": "frank.davalos",
                            "path": "/",
                            "unique_id": "AIDAIXRZ4GLVNYUMY24V6"
                        },
                        "meta": {},
                        "tainted": false
                    },
                    "deposed": [],
                    "provider": ""
                },
                "aws_iam_user.gautam_manohar": {
                    "type": "aws_iam_user",
                    "depends_on": [],
                    "primary": {
                        "id": "gautam.manohar",
                        "attributes": {
                            "arn": "arn:aws:iam::236799202671:user/gautam.manohar",
                            "force_destroy": "false",
                            "id": "gautam.manohar",
                            "name": "gautam.manohar",
                            "path": "/",
                            "unique_id": "AIDAIE2YPN3YY3SL7L2J2"
                        },
                        "meta": {},
                        "tainted": false
                    },
                    "deposed": [],
                    "provider": ""
                },
                "aws_iam_user.graden_gerig": {
                    "type": "aws_iam_user",
                    "depends_on": [],
                    "primary": {
                        "id": "graden.gerig",
                        "attributes": {
                            "arn": "arn:aws:iam::236799202671:user/graden.gerig",
                            "force_destroy": "false",
                            "id": "graden.gerig",
                            "name": "graden.gerig",
                            "path": "/",
                            "unique_id": "AIDAIJ4YHOT4LOGP2UQO6"
                        },
                        "meta": {},
                        "tainted": false
                    },
                    "deposed": [],
                    "provider": ""
                },
                "aws_iam_user.guro_bokum": {
                    "type": "aws_iam_user",
                    "depends_on": [],
                    "primary": {
                        "id": "guro.bokum",
                        "attributes": {
                            "arn": "arn:aws:iam::236799202671:user/guro.bokum",
                            "force_destroy": "false",
                            "id": "guro.bokum",
                            "name": "guro.bokum",
                            "path": "/",
                            "unique_id": "AIDAI4TXOPMWDDJU5WQ7E"
                        },
                        "meta": {},
                        "tainted": false
                    },
                    "deposed": [],
                    "provider": ""
                },
                "aws_iam_user.larry_peterson": {
                    "type": "aws_iam_user",
                    "depends_on": [],
                    "primary": {
                        "id": "larry.peterson",
                        "attributes": {
                            "arn": "arn:aws:iam::236799202671:user/larry.peterson",
                            "force_destroy": "false",
                            "id": "larry.peterson",
                            "name": "larry.peterson",
                            "path": "/",
                            "unique_id": "AIDAIZU6LJRNWZNNEJGSS"
                        },
                        "meta": {},
                        "tainted": false
                    },
                    "deposed": [],
                    "provider": ""
                },
                "aws_iam_user.lior_tager": {
                    "type": "aws_iam_user",
                    "depends_on": [],
                    "primary": {
                        "id": "lior.tager",
                        "attributes": {
                            "arn": "arn:aws:iam::236799202671:user/lior.tager",
                            "force_destroy": "false",
                            "id": "lior.tager",
                            "name": "lior.tager",
                            "path": "/",
                            "unique_id": "AIDAJZDOLT3WDOBSJCH5I"
                        },
                        "meta": {},
                        "tainted": false
                    },
                    "deposed": [],
                    "provider": ""
                },
                "aws_iam_user.manimaran_selvan": {
                    "type": "aws_iam_user",
                    "depends_on": [],
                    "primary": {
                        "id": "manimaran.selvan",
                        "attributes": {
                            "arn": "arn:aws:iam::236799202671:user/manimaran.selvan",
                            "force_destroy": "false",
                            "id": "manimaran.selvan",
                            "name": "manimaran.selvan",
                            "path": "/",
                            "unique_id": "AIDAJQIMNLK3EKCIF4HXS"
                        },
                        "meta": {},
                        "tainted": false
                    },
                    "deposed": [],
                    "provider": ""
                },
                "aws_iam_user.manu_kaliprasad": {
                    "type": "aws_iam_user",
                    "depends_on": [],
                    "primary": {
                        "id": "manu.kaliprasad",
                        "attributes": {
                            "arn": "arn:aws:iam::236799202671:user/manu.kaliprasad",
                            "force_destroy": "false",
                            "id": "manu.kaliprasad",
                            "name": "manu.kaliprasad",
                            "path": "/",
                            "unique_id": "AIDAISHIQBCYL4EZRLKW6"
                        },
                        "meta": {},
                        "tainted": false
                    },
                    "deposed": [],
                    "provider": ""
                },
                "aws_iam_user.mario_marin": {
                    "type": "aws_iam_user",
                    "depends_on": [],
                    "primary": {
                        "id": "mario.marin",
                        "attributes": {
                            "arn": "arn:aws:iam::236799202671:user/mario.marin",
                            "force_destroy": "false",
                            "id": "mario.marin",
                            "name": "mario.marin",
                            "path": "/",
                            "unique_id": "AIDAJR4LEK6BP27R67A6Q"
                        },
                        "meta": {},
                        "tainted": false
                    },
                    "deposed": [],
                    "provider": ""
                },
                "aws_iam_user.matan_shukry": {
                    "type": "aws_iam_user",
                    "depends_on": [],
                    "primary": {
                        "id": "matan.shukry",
                        "attributes": {
                            "arn": "arn:aws:iam::236799202671:user/matan.shukry",
                            "force_destroy": "false",
                            "id": "matan.shukry",
                            "name": "matan.shukry",
                            "path": "/",
                            "unique_id": "AIDAJHXQXMFSHXHL7PUC4"
                        },
                        "meta": {},
                        "tainted": false
                    },
                    "deposed": [],
                    "provider": ""
                },
                "aws_iam_user.matt_hill": {
                    "type": "aws_iam_user",
                    "depends_on": [],
                    "primary": {
                        "id": "matt.hill",
                        "attributes": {
                            "arn": "arn:aws:iam::236799202671:user/matt.hill",
                            "force_destroy": "false",
                            "id": "matt.hill",
                            "name": "matt.hill",
                            "path": "/",
                            "unique_id": "AIDAJRMJ6TGL36SAIUXIK"
                        },
                        "meta": {},
                        "tainted": false
                    },
                    "deposed": [],
                    "provider": ""
                },
                "aws_iam_user.matt_pate": {
                    "type": "aws_iam_user",
                    "depends_on": [],
                    "primary": {
                        "id": "matt.pate",
                        "attributes": {
                            "arn": "arn:aws:iam::236799202671:user/matt.pate",
                            "force_destroy": "false",
                            "id": "matt.pate",
                            "name": "matt.pate",
                            "path": "/",
                            "unique_id": "AIDAIR7CQMKGRYLKD5A6A"
                        },
                        "meta": {},
                        "tainted": false
                    },
                    "deposed": [],
                    "provider": ""
                },
                "aws_iam_user.matthew_damante": {
                    "type": "aws_iam_user",
                    "depends_on": [],
                    "primary": {
                        "id": "matthew.damante",
                        "attributes": {
                            "arn": "arn:aws:iam::236799202671:user/matthew.damante",
                            "force_destroy": "false",
                            "id": "matthew.damante",
                            "name": "matthew.damante",
                            "path": "/",
                            "unique_id": "AIDAJGQ7XLXUIUOYGHIN2"
                        },
                        "meta": {},
                        "tainted": false
                    },
                    "deposed": [],
                    "provider": ""
                },
                "aws_iam_user.michael_lilley": {
                    "type": "aws_iam_user",
                    "depends_on": [],
                    "primary": {
                        "id": "michael.lilley",
                        "attributes": {
                            "arn": "arn:aws:iam::236799202671:user/michael.lilley",
                            "force_destroy": "false",
                            "id": "michael.lilley",
                            "name": "michael.lilley",
                            "path": "/",
                            "unique_id": "AIDAJCHEYDWVOB2G6XYK6"
                        },
                        "meta": {},
                        "tainted": false
                    },
                    "deposed": [],
                    "provider": ""
                },
                "aws_iam_user.minas_magdi": {
                    "type": "aws_iam_user",
                    "depends_on": [],
                    "primary": {
                        "id": "minas.magdi",
                        "attributes": {
                            "arn": "arn:aws:iam::236799202671:user/minas.magdi",
                            "force_destroy": "false",
                            "id": "minas.magdi",
                            "name": "minas.magdi",
                            "path": "/",
                            "unique_id": "AIDAIRBOA45MWEQH3GCQE"
                        },
                        "meta": {},
                        "tainted": false
                    },
                    "deposed": [],
                    "provider": ""
                },
                "aws_iam_user.moria_cohen": {
                    "type": "aws_iam_user",
                    "depends_on": [],
                    "primary": {
                        "id": "moria.cohen",
                        "attributes": {
                            "arn": "arn:aws:iam::236799202671:user/moria.cohen",
                            "force_destroy": "false",
                            "id": "moria.cohen",
                            "name": "moria.cohen",
                            "path": "/",
                            "unique_id": "AIDAJS6DHCDR4SN6WR5K2"
                        },
                        "meta": {},
                        "tainted": false
                    },
                    "deposed": [],
                    "provider": ""
                },
                "aws_iam_user.murali_seetharaman": {
                    "type": "aws_iam_user",
                    "depends_on": [],
                    "primary": {
                        "id": "murali.seetharaman",
                        "attributes": {
                            "arn": "arn:aws:iam::236799202671:user/murali.seetharaman",
                            "force_destroy": "false",
                            "id": "murali.seetharaman",
                            "name": "murali.seetharaman",
                            "path": "/",
                            "unique_id": "AIDAI4XPJ5EE6L6DMIWNI"
                        },
                        "meta": {},
                        "tainted": false
                    },
                    "deposed": [],
                    "provider": ""
                },
                "aws_iam_user.muzammil_sayed": {
                    "type": "aws_iam_user",
                    "depends_on": [],
                    "primary": {
                        "id": "muzammil.sayed",
                        "attributes": {
                            "arn": "arn:aws:iam::236799202671:user/muzammil.sayed",
                            "force_destroy": "false",
                            "id": "muzammil.sayed",
                            "name": "muzammil.sayed",
                            "path": "/",
                            "unique_id": "AIDAJCAW3R232C5LZUPFU"
                        },
                        "meta": {},
                        "tainted": false
                    },
                    "deposed": [],
                    "provider": ""
                },
                "aws_iam_user.nick_sherred": {
                    "type": "aws_iam_user",
                    "depends_on": [],
                    "primary": {
                        "id": "nick.sherred",
                        "attributes": {
                            "arn": "arn:aws:iam::236799202671:user/nick.sherred",
                            "force_destroy": "false",
                            "id": "nick.sherred",
                            "name": "nick.sherred",
                            "path": "/",
                            "unique_id": "AIDAIOEDY4VSTA6HQM5OU"
                        },
                        "meta": {},
                        "tainted": false
                    },
                    "deposed": [],
                    "provider": ""
                },
                "aws_iam_user.niels_bischof": {
                    "type": "aws_iam_user",
                    "depends_on": [],
                    "primary": {
                        "id": "niels.bischof",
                        "attributes": {
                            "arn": "arn:aws:iam::236799202671:user/niels.bischof",
                            "force_destroy": "false",
                            "id": "niels.bischof",
                            "name": "niels.bischof",
                            "path": "/",
                            "unique_id": "AIDAJ5GOK74A5BV5QJ7XA"
                        },
                        "meta": {},
                        "tainted": false
                    },
                    "deposed": [],
                    "provider": ""
                },
                "aws_iam_user.nikita_starchenko": {
                    "type": "aws_iam_user",
                    "depends_on": [],
                    "primary": {
                        "id": "nikita.starchenko",
                        "attributes": {
                            "arn": "arn:aws:iam::236799202671:user/nikita.starchenko",
                            "force_destroy": "false",
                            "id": "nikita.starchenko",
                            "name": "nikita.starchenko",
                            "path": "/",
                            "unique_id": "AIDAJF33POZOSOHK2ODLA"
                        },
                        "meta": {},
                        "tainted": false
                    },
                    "deposed": [],
                    "provider": ""
                },
                "aws_iam_user.niv_basson": {
                    "type": "aws_iam_user",
                    "depends_on": [],
                    "primary": {
                        "id": "niv.basson",
                        "attributes": {
                            "arn": "arn:aws:iam::236799202671:user/niv.basson",
                            "force_destroy": "false",
                            "id": "niv.basson",
                            "name": "niv.basson",
                            "path": "/",
                            "unique_id": "AIDAJWVLKWDHSL6KR4CXG"
                        },
                        "meta": {},
                        "tainted": false
                    },
                    "deposed": [],
                    "provider": ""
                },
                "aws_iam_user.okta": {
                    "type": "aws_iam_user",
                    "depends_on": [],
                    "primary": {
                        "id": "okta",
                        "attributes": {
                            "arn": "arn:aws:iam::236799202671:user/okta",
                            "force_destroy": "false",
                            "id": "okta",
                            "name": "okta",
                            "path": "/",
                            "unique_id": "AIDAJX7YVBPVECBG6TECO"
                        },
                        "meta": {},
                        "tainted": false
                    },
                    "deposed": [],
                    "provider": ""
                },
                "aws_iam_user.omer_yair": {
                    "type": "aws_iam_user",
                    "depends_on": [],
                    "primary": {
                        "id": "omer.yair",
                        "attributes": {
                            "arn": "arn:aws:iam::236799202671:user/omer.yair",
                            "force_destroy": "false",
                            "id": "omer.yair",
                            "name": "omer.yair",
                            "path": "/",
                            "unique_id": "AIDAJUW744EYN5VZLVU2S"
                        },
                        "meta": {},
                        "tainted": false
                    },
                    "deposed": [],
                    "provider": ""
                },
                "aws_iam_user.paul_wroe": {
                    "type": "aws_iam_user",
                    "depends_on": [],
                    "primary": {
                        "id": "paul.wroe",
                        "attributes": {
                            "arn": "arn:aws:iam::236799202671:user/paul.wroe",
                            "force_destroy": "false",
                            "id": "paul.wroe",
                            "name": "paul.wroe",
                            "path": "/",
                            "unique_id": "AIDAINWE4QBINJ7C6KNYS"
                        },
                        "meta": {},
                        "tainted": false
                    },
                    "deposed": [],
                    "provider": ""
                },
                "aws_iam_user.peter_auv": {
                    "type": "aws_iam_user",
                    "depends_on": [],
                    "primary": {
                        "id": "peter.auv",
                        "attributes": {
                            "arn": "arn:aws:iam::236799202671:user/peter.auv",
                            "force_destroy": "false",
                            "id": "peter.auv",
                            "name": "peter.auv",
                            "path": "/",
                            "unique_id": "AIDAJ5JOUKUNV46OOZN6M"
                        },
                        "meta": {},
                        "tainted": false
                    },
                    "deposed": [],
                    "provider": ""
                },
                "aws_iam_user.rahul_sharma": {
                    "type": "aws_iam_user",
                    "depends_on": [],
                    "primary": {
                        "id": "rahul.sharma",
                        "attributes": {
                            "arn": "arn:aws:iam::236799202671:user/rahul.sharma",
                            "force_destroy": "false",
                            "id": "rahul.sharma",
                            "name": "rahul.sharma",
                            "path": "/",
                            "unique_id": "AIDAIJGOPD7RPIHN5GUKW"
                        },
                        "meta": {},
                        "tainted": false
                    },
                    "deposed": [],
                    "provider": ""
                },
                "aws_iam_user.rami_moshe": {
                    "type": "aws_iam_user",
                    "depends_on": [],
                    "primary": {
                        "id": "rami.moshe",
                        "attributes": {
                            "arn": "arn:aws:iam::236799202671:user/rami.moshe",
                            "force_destroy": "false",
                            "id": "rami.moshe",
                            "name": "rami.moshe",
                            "path": "/",
                            "unique_id": "AIDAICQKMV3IWFWYSRGFK"
                        },
                        "meta": {},
                        "tainted": false
                    },
                    "deposed": [],
                    "provider": ""
                },
                "aws_iam_user.rick_valdez": {
                    "type": "aws_iam_user",
                    "depends_on": [],
                    "primary": {
                        "id": "rick.valdez",
                        "attributes": {
                            "arn": "arn:aws:iam::236799202671:user/rick.valdez",
                            "force_destroy": "false",
                            "id": "rick.valdez",
                            "name": "rick.valdez",
                            "path": "/",
                            "unique_id": "AIDAIPAPVM5KSKFJFRSUQ"
                        },
                        "meta": {},
                        "tainted": false
                    },
                    "deposed": [],
                    "provider": ""
                },
                "aws_iam_user.robert_browning": {
                    "type": "aws_iam_user",
                    "depends_on": [],
                    "primary": {
                        "id": "robert.browning",
                        "attributes": {
                            "arn": "arn:aws:iam::236799202671:user/robert.browning",
                            "force_destroy": "false",
                            "id": "robert.browning",
                            "name": "robert.browning",
                            "path": "/",
                            "unique_id": "AIDAJYEISWU7OTDM6RPLI"
                        },
                        "meta": {},
                        "tainted": false
                    },
                    "deposed": [],
                    "provider": ""
                },
                "aws_iam_user.rundeck": {
                    "type": "aws_iam_user",
                    "depends_on": [],
                    "primary": {
                        "id": "rundeck",
                        "attributes": {
                            "arn": "arn:aws:iam::236799202671:user/rundeck",
                            "force_destroy": "false",
                            "id": "rundeck",
                            "name": "rundeck",
                            "path": "/",
                            "unique_id": "AIDAJUJC7VZUXYCWU4RLU"
                        },
                        "meta": {},
                        "tainted": false
                    },
                    "deposed": [],
                    "provider": ""
                },
                "aws_iam_user.sai_kolli": {
                    "type": "aws_iam_user",
                    "depends_on": [],
                    "primary": {
                        "id": "sai.kolli",
                        "attributes": {
                            "arn": "arn:aws:iam::236799202671:user/sai.kolli",
                            "force_destroy": "false",
                            "id": "sai.kolli",
                            "name": "sai.kolli",
                            "path": "/",
                            "unique_id": "AIDAJYXAMINEBDYTNG7FI"
                        },
                        "meta": {},
                        "tainted": false
                    },
                    "deposed": [],
                    "provider": ""
                },
                "aws_iam_user.sana_majeed": {
                    "type": "aws_iam_user",
                    "depends_on": [],
                    "primary": {
                        "id": "sana.majeed",
                        "attributes": {
                            "arn": "arn:aws:iam::236799202671:user/sana.majeed",
                            "force_destroy": "false",
                            "id": "sana.majeed",
                            "name": "sana.majeed",
                            "path": "/",
                            "unique_id": "AIDAIU62XPUUVIKOUQ47I"
                        },
                        "meta": {},
                        "tainted": false
                    },
                    "deposed": [],
                    "provider": ""
                },
                "aws_iam_user.scott_romney": {
                    "type": "aws_iam_user",
                    "depends_on": [],
                    "primary": {
                        "id": "scott.romney",
                        "attributes": {
                            "arn": "arn:aws:iam::236799202671:user/scott.romney",
                            "force_destroy": "false",
                            "id": "scott.romney",
                            "name": "scott.romney",
                            "path": "/",
                            "unique_id": "AIDAIMT5BA5VYZHRPVLYI"
                        },
                        "meta": {},
                        "tainted": false
                    },
                    "deposed": [],
                    "provider": ""
                },
                "aws_iam_user.sergei_shnerson": {
                    "type": "aws_iam_user",
                    "depends_on": [],
                    "primary": {
                        "id": "sergei.shnerson",
                        "attributes": {
                            "arn": "arn:aws:iam::236799202671:user/sergei.shnerson",
                            "force_destroy": "false",
                            "id": "sergei.shnerson",
                            "name": "sergei.shnerson",
                            "path": "/",
                            "unique_id": "AIDAJFK6TWIUJE2UITMXM"
                        },
                        "meta": {},
                        "tainted": false
                    },
                    "deposed": [],
                    "provider": ""
                },
                "aws_iam_user.shaun_kasperowicz": {
                    "type": "aws_iam_user",
                    "depends_on": [],
                    "primary": {
                        "id": "shaun.kasperowicz",
                        "attributes": {
                            "arn": "arn:aws:iam::236799202671:user/shaun.kasperowicz",
                            "force_destroy": "false",
                            "id": "shaun.kasperowicz",
                            "name": "shaun.kasperowicz",
                            "path": "/",
                            "unique_id": "AIDAJRF2NOEORDKK2DZQA"
                        },
                        "meta": {},
                        "tainted": false
                    },
                    "deposed": [],
                    "provider": ""
                },
                "aws_iam_user.shimran_george": {
                    "type": "aws_iam_user",
                    "depends_on": [],
                    "primary": {
                        "id": "shimran.george",
                        "attributes": {
                            "arn": "arn:aws:iam::236799202671:user/shimran.george",
                            "force_destroy": "false",
                            "id": "shimran.george",
                            "name": "shimran.george",
                            "path": "/",
                            "unique_id": "AIDAIEKBDN3BA45AECU5Y"
                        },
                        "meta": {},
                        "tainted": false
                    },
                    "deposed": [],
                    "provider": ""
                },
                "aws_iam_user.shiran_dadon": {
                    "type": "aws_iam_user",
                    "depends_on": [],
                    "primary": {
                        "id": "shiran.dadon",
                        "attributes": {
                            "arn": "arn:aws:iam::236799202671:user/shiran.dadon",
                            "force_destroy": "false",
                            "id": "shiran.dadon",
                            "name": "shiran.dadon",
                            "path": "/",
                            "unique_id": "AIDAJ3P2UFFFUA2NESNUQ"
                        },
                        "meta": {},
                        "tainted": false
                    },
                    "deposed": [],
                    "provider": ""
                },
                "aws_iam_user.slava_fiodorov": {
                    "type": "aws_iam_user",
                    "depends_on": [],
                    "primary": {
                        "id": "slava.fiodorov",
                        "attributes": {
                            "arn": "arn:aws:iam::236799202671:user/slava.fiodorov",
                            "force_destroy": "false",
                            "id": "slava.fiodorov",
                            "name": "slava.fiodorov",
                            "path": "/",
                            "unique_id": "AIDAJSCFYM6XJ64P5EXTA"
                        },
                        "meta": {},
                        "tainted": false
                    },
                    "deposed": [],
                    "provider": ""
                },
                "aws_iam_user.srikanth_gauthareddy": {
                    "type": "aws_iam_user",
                    "depends_on": [],
                    "primary": {
                        "id": "srikanth.gauthareddy",
                        "attributes": {
                            "arn": "arn:aws:iam::236799202671:user/srikanth.gauthareddy",
                            "force_destroy": "false",
                            "id": "srikanth.gauthareddy",
                            "name": "srikanth.gauthareddy",
                            "path": "/",
                            "unique_id": "AIDAJDBPDA5YJ3KRHFIWO"
                        },
                        "meta": {},
                        "tainted": false
                    },
                    "deposed": [],
                    "provider": ""
                },
                "aws_iam_user.stas_panchenko": {
                    "type": "aws_iam_user",
                    "depends_on": [],
                    "primary": {
                        "id": "stas.panchenko",
                        "attributes": {
                            "arn": "arn:aws:iam::236799202671:user/stas.panchenko",
                            "force_destroy": "false",
                            "id": "stas.panchenko",
                            "name": "stas.panchenko",
                            "path": "/",
                            "unique_id": "AIDAIT5ZEKSVS3FQNZYC6"
                        },
                        "meta": {},
                        "tainted": false
                    },
                    "deposed": [],
                    "provider": ""
                },
                "aws_iam_user.stas_spivak": {
                    "type": "aws_iam_user",
                    "depends_on": [],
                    "primary": {
                        "id": "stas.spivak",
                        "attributes": {
                            "arn": "arn:aws:iam::236799202671:user/stas.spivak",
                            "force_destroy": "false",
                            "id": "stas.spivak",
                            "name": "stas.spivak",
                            "path": "/",
                            "unique_id": "AIDAIT3CSXJ6FBVPWT6O2"
                        },
                        "meta": {},
                        "tainted": false
                    },
                    "deposed": [],
                    "provider": ""
                },
                "aws_iam_user.sylvester_mitchell": {
                    "type": "aws_iam_user",
                    "depends_on": [],
                    "primary": {
                        "id": "sylvester.mitchell",
                        "attributes": {
                            "arn": "arn:aws:iam::236799202671:user/sylvester.mitchell",
                            "force_destroy": "false",
                            "id": "sylvester.mitchell",
                            "name": "sylvester.mitchell",
                            "path": "/",
                            "unique_id": "AIDAJZC7Z7BYMUCTBTB5U"
                        },
                        "meta": {},
                        "tainted": false
                    },
                    "deposed": [],
                    "provider": ""
                },
                "aws_iam_user.tejinder_jheeta": {
                    "type": "aws_iam_user",
                    "depends_on": [],
                    "primary": {
                        "id": "tejinder.jheeta",
                        "attributes": {
                            "arn": "arn:aws:iam::236799202671:user/tejinder.jheeta",
                            "force_destroy": "false",
                            "id": "tejinder.jheeta",
                            "name": "tejinder.jheeta",
                            "path": "/",
                            "unique_id": "AIDAJTNMBSWFESJTICH5W"
                        },
                        "meta": {},
                        "tainted": false
                    },
                    "deposed": [],
                    "provider": ""
                },
                "aws_iam_user.tim_dooher": {
                    "type": "aws_iam_user",
                    "depends_on": [],
                    "primary": {
                        "id": "tim.dooher",
                        "attributes": {
                            "arn": "arn:aws:iam::236799202671:user/tim.dooher",
                            "force_destroy": "false",
                            "id": "tim.dooher",
                            "name": "tim.dooher",
                            "path": "/",
                            "unique_id": "AIDAJ6O7O3IHZA6LUNJ6W"
                        },
                        "meta": {},
                        "tainted": false
                    },
                    "deposed": [],
                    "provider": ""
                },
                "aws_iam_user.tom_doron": {
                    "type": "aws_iam_user",
                    "depends_on": [],
                    "primary": {
                        "id": "tom.doron",
                        "attributes": {
                            "arn": "arn:aws:iam::236799202671:user/tom.doron",
                            "force_destroy": "false",
                            "id": "tom.doron",
                            "name": "tom.doron",
                            "path": "/",
                            "unique_id": "AIDAISOESZXN7GCITFNNA"
                        },
                        "meta": {},
                        "tainted": false
                    },
                    "deposed": [],
                    "provider": ""
                },
                "aws_iam_user.tzvika_stein": {
                    "type": "aws_iam_user",
                    "depends_on": [],
                    "primary": {
                        "id": "tzvika.stein",
                        "attributes": {
                            "arn": "arn:aws:iam::236799202671:user/tzvika.stein",
                            "force_destroy": "false",
                            "id": "tzvika.stein",
                            "name": "tzvika.stein",
                            "path": "/",
                            "unique_id": "AIDAJTVZFENDNNXT6FRAS"
                        },
                        "meta": {},
                        "tainted": false
                    },
                    "deposed": [],
                    "provider": ""
                },
                "aws_iam_user.victor_akinwande": {
                    "type": "aws_iam_user",
                    "depends_on": [],
                    "primary": {
                        "id": "victor.akinwande",
                        "attributes": {
                            "arn": "arn:aws:iam::236799202671:user/victor.akinwande",
                            "force_destroy": "false",
                            "id": "victor.akinwande",
                            "name": "victor.akinwande",
                            "path": "/",
                            "unique_id": "AIDAID2QTVT7VTRYY4SFW"
                        },
                        "meta": {},
                        "tainted": false
                    },
                    "deposed": [],
                    "provider": ""
                },
                "aws_iam_user.yuval_varkel": {
                    "type": "aws_iam_user",
                    "depends_on": [],
                    "primary": {
                        "id": "yuval.varkel",
                        "attributes": {
                            "arn": "arn:aws:iam::236799202671:user/yuval.varkel",
                            "force_destroy": "false",
                            "id": "yuval.varkel",
                            "name": "yuval.varkel",
                            "path": "/",
                            "unique_id": "AIDAJ3FAXHOHAKK2H4GGY"
                        },
                        "meta": {},
                        "tainted": false
                    },
                    "deposed": [],
                    "provider": ""
                },
                "aws_iam_user.zsolt_katona": {
                    "type": "aws_iam_user",
                    "depends_on": [],
                    "primary": {
                        "id": "zsolt.kotana",
                        "attributes": {
                            "arn": "arn:aws:iam::236799202671:user/zsolt.kotana",
                            "force_destroy": "false",
                            "id": "zsolt.kotana",
                            "name": "zsolt.kotana",
                            "path": "/",
                            "unique_id": "AIDAJL6NAGNRSKBYBKPEM"
                        },
                        "meta": {},
                        "tainted": false
                    },
                    "deposed": [],
                    "provider": ""
                },
                "aws_s3_bucket.cloudtrail": {
                    "type": "aws_s3_bucket",
                    "depends_on": [],
                    "primary": {
                        "id": "jive-cloudtrail-jive-governor-usw2",
                        "attributes": {
                            "acceleration_status": "",
                            "acl": "private",
                            "arn": "arn:aws:s3:::jive-cloudtrail-jive-governor-usw2",
                            "bucket": "jive-cloudtrail-jive-governor-usw2",
                            "bucket_domain_name": "jive-cloudtrail-jive-governor-usw2.s3.amazonaws.com",
                            "force_destroy": "true",
                            "hosted_zone_id": "Z3BJ6K6RIION7M",
                            "id": "jive-cloudtrail-jive-governor-usw2",
                            "logging.#": "0",
                            "policy": "{\"Statement\":[{\"Action\":\"s3:GetBucketAcl\",\"Effect\":\"Allow\",\"Principal\":{\"Service\":\"cloudtrail.amazonaws.com\"},\"Resource\":\"arn:aws:s3:::jive-cloudtrail-jive-governor-usw2\",\"Sid\":\"AWSCloudTrailAclCheck\"},{\"Action\":\"s3:PutObject\",\"Condition\":{\"StringEquals\":{\"s3:x-amz-acl\":\"bucket-owner-full-control\"}},\"Effect\":\"Allow\",\"Principal\":{\"Service\":\"cloudtrail.amazonaws.com\"},\"Resource\":\"arn:aws:s3:::jive-cloudtrail-jive-governor-usw2/*\",\"Sid\":\"AWSCloudTrailWrite\"},{\"Action\":\"s3:PutObject\",\"Condition\":{\"StringNotEquals\":{\"s3:x-amz-server-side-encryption\":\"AES256\"}},\"Effect\":\"Deny\",\"Principal\":\"*\",\"Resource\":\"arn:aws:s3:::jive-cloudtrail-jive-governor-usw2/*\",\"Sid\":\"DenyUnEncryptedObjectUploads\"}],\"Version\":\"2012-10-17\"}",
                            "region": "us-west-2",
                            "request_payer": "BucketOwner",
                            "tags.%": "3",
                            "tags.jive_service": "infrastructure",
                            "tags.pipeline_phase": "infra-pipeline",
                            "tags.service_component": "cloudtrail",
                            "versioning.#": "1",
                            "versioning.0.enabled": "false",
                            "versioning.0.mfa_delete": "false",
                            "website.#": "0"
                        },
                        "meta": {},
                        "tainted": false
                    },
                    "deposed": [],
                    "provider": ""
                },
                "data.template_file.datadog_cloudtrail_ro": {
                    "type": "template_file",
                    "depends_on": [
                        "aws_s3_bucket.cloudtrail"
                    ],
                    "primary": {
                        "id": "cc2461c9a5c5933e22ea6ad9d747838c39be0e7b60038539832f6d27525baa29",
                        "attributes": {
                            "id": "cc2461c9a5c5933e22ea6ad9d747838c39be0e7b60038539832f6d27525baa29",
                            "rendered": "{\n  \"Version\": \"2012-10-17\",\n  \"Statement\": [\n    {\n      \"Action\": [\n        \"s3:ListBucket\",\n        \"s3:GetBucketLocation\",\n        \"s3:GetObject\"\n      ],\n      \"Effect\": \"Allow\",\n      \"Resource\": [\n        \"arn:aws:s3:::jive-cloudtrail-jive-governor-usw2\",\n        \"arn:aws:s3:::jive-cloudtrail-jive-governor-usw2/*\"\n      ]\n    }\n  ]\n}\n",
                            "template": "{\n  \"Version\": \"2012-10-17\",\n  \"Statement\": [\n    {\n      \"Action\": [\n        \"s3:ListBucket\",\n        \"s3:GetBucketLocation\",\n        \"s3:GetObject\"\n      ],\n      \"Effect\": \"Allow\",\n      \"Resource\": [\n        \"${cloudtrail_bucket_arn}\",\n        \"${cloudtrail_bucket_arn}/*\"\n      ]\n    }\n  ]\n}\n",
                            "vars.%": "1",
                            "vars.cloudtrail_bucket_arn": "arn:aws:s3:::jive-cloudtrail-jive-governor-usw2"
                        },
                        "meta": {},
                        "tainted": false
                    },
                    "deposed": [],
                    "provider": ""
                },
                "data.template_file.okta-assumerole": {
                    "type": "template_file",
                    "depends_on": [
                        "aws_iam_saml_provider.default"
                    ],
                    "primary": {
                        "id": "95051f1f2667499caa7f5d5c73a334ead4163b92f8f7b392fee300b2bc6979cf",
                        "attributes": {
                            "id": "95051f1f2667499caa7f5d5c73a334ead4163b92f8f7b392fee300b2bc6979cf",
                            "rendered": "{\n  \"Version\": \"2012-10-17\",\n  \"Statement\": [\n    {\n      \"Effect\": \"Allow\",\n      \"Principal\": {\n        \"Federated\": \"arn:aws:iam::236799202671:saml-provider/okta\"\n      },\n      \"Action\": \"sts:AssumeRoleWithSAML\",\n      \"Condition\": {\n        \"StringEquals\": {\n          \"SAML:aud\": \"https://signin.aws.amazon.com/saml\"\n        }\n      }\n    }\n  ]\n}\n",
                            "template": "{\n  \"Version\": \"2012-10-17\",\n  \"Statement\": [\n    {\n      \"Effect\": \"Allow\",\n      \"Principal\": {\n        \"Federated\": \"${saml_provider_arn}\"\n      },\n      \"Action\": \"sts:AssumeRoleWithSAML\",\n      \"Condition\": {\n        \"StringEquals\": {\n          \"SAML:aud\": \"https://signin.aws.amazon.com/saml\"\n        }\n      }\n    }\n  ]\n}\n",
                            "vars.%": "1",
                            "vars.saml_provider_arn": "arn:aws:iam::236799202671:saml-provider/okta"
                        },
                        "meta": {},
                        "tainted": false
                    },
                    "deposed": [],
                    "provider": ""
                }
            },
            "depends_on": []
        }
    ]
}
