{
    "version": 3,
    "terraform_version": "0.9.4",
    "serial": 3,
    "lineage": "87635a01-5e5b-4606-8e2b-8d0ad0604b10",
    "modules": [
        {
            "path": [
                "root"
            ],
            "outputs": {},
            "resources": {
                "aws_autoscaling_group.bastion": {
                    "type": "aws_autoscaling_group",
                    "depends_on": [
                        "aws_launch_configuration.bastion",
                        "aws_subnet.natdc"
                    ],
                    "primary": {
                        "id": "infra-pipeline-bastion-asg-terraform-003ec6bb3ad53a5ad0e203f48e",
                        "attributes": {
                            "arn": "arn:aws:autoscaling:us-east-1:922236644688:autoScalingGroup:f5806ebb-9c6c-417d-a833-f31acb7e78b4:autoScalingGroupName/infra-pipeline-bastion-asg-terraform-003ec6bb3ad53a5ad0e203f48e",
                            "availability_zones.#": "1",
                            "availability_zones.3569565595": "us-east-1a",
                            "default_cooldown": "300",
                            "desired_capacity": "1",
                            "force_delete": "false",
                            "health_check_grace_period": "300",
                            "health_check_type": "EC2",
                            "id": "infra-pipeline-bastion-asg-terraform-003ec6bb3ad53a5ad0e203f48e",
                            "launch_configuration": "terraform-003ec6bb3ad53a5ad0e203f48e",
                            "load_balancers.#": "0",
                            "max_size": "1",
                            "metrics_granularity": "1Minute",
                            "min_size": "1",
                            "name": "infra-pipeline-bastion-asg-terraform-003ec6bb3ad53a5ad0e203f48e",
                            "placement_group": "",
                            "protect_from_scale_in": "false",
                            "suspended_processes.#": "0",
                            "tag.#": "8",
                            "tag.1907427875.key": "pipeline_phase",
                            "tag.1907427875.propagate_at_launch": "true",
                            "tag.1907427875.value": "infra-pipeline",
                            "tag.2220074062.key": "sla",
                            "tag.2220074062.propagate_at_launch": "true",
                            "tag.2220074062.value": "non-prod",
                            "tag.2734052481.key": "service_component",
                            "tag.2734052481.propagate_at_launch": "true",
                            "tag.2734052481.value": "bastion",
                            "tag.3071527265.key": "account_name",
                            "tag.3071527265.propagate_at_launch": "true",
                            "tag.3071527265.value": "jive-reco-sandbox",
                            "tag.3357193003.key": "Name",
                            "tag.3357193003.propagate_at_launch": "true",
                            "tag.3357193003.value": "infra-pipeline-bastion-instance",
                            "tag.379152623.key": "region",
                            "tag.379152623.propagate_at_launch": "true",
                            "tag.379152623.value": "us-east-1",
                            "tag.4190127431.key": "bastionip",
                            "tag.4190127431.propagate_at_launch": "true",
                            "tag.4190127431.value": "10.127.50.7",
                            "tag.853938758.key": "jive_service",
                            "tag.853938758.propagate_at_launch": "true",
                            "tag.853938758.value": "infrastructure",
                            "target_group_arns.#": "0",
                            "termination_policies.#": "0",
                            "vpc_zone_identifier.#": "1",
                            "vpc_zone_identifier.3277778496": "subnet-c785cdeb",
                            "wait_for_capacity_timeout": "10m"
                        },
                        "meta": {},
                        "tainted": false
                    },
                    "deposed": [],
                    "provider": ""
                },
                "aws_eip.natgw.0": {
                    "type": "aws_eip",
                    "depends_on": [],
                    "primary": {
                        "id": "eipalloc-8f4f78bc",
                        "attributes": {
                            "association_id": "eipassoc-395d440c",
                            "domain": "vpc",
                            "id": "eipalloc-8f4f78bc",
                            "instance": "",
                            "network_interface": "eni-8db8c02c",
                            "private_ip": "10.127.50.100",
                            "public_ip": "34.233.230.130",
                            "vpc": "true"
                        },
                        "meta": {},
                        "tainted": false
                    },
                    "deposed": [],
                    "provider": ""
                },
                "aws_eip.natgw.1": {
                    "type": "aws_eip",
                    "depends_on": [],
                    "primary": {
                        "id": "eipalloc-864a7db5",
                        "attributes": {
                            "association_id": "eipassoc-1d5b4228",
                            "domain": "vpc",
                            "id": "eipalloc-864a7db5",
                            "instance": "",
                            "network_interface": "eni-5873b68c",
                            "private_ip": "10.127.50.118",
                            "public_ip": "34.233.230.166",
                            "vpc": "true"
                        },
                        "meta": {},
                        "tainted": false
                    },
                    "deposed": [],
                    "provider": ""
                },
                "aws_eip.natgw.2": {
                    "type": "aws_eip",
                    "depends_on": [],
                    "primary": {
                        "id": "eipalloc-61370052",
                        "attributes": {
                            "association_id": "eipassoc-32a0be07",
                            "domain": "vpc",
                            "id": "eipalloc-61370052",
                            "instance": "",
                            "network_interface": "eni-2f554c84",
                            "private_ip": "10.127.50.141",
                            "public_ip": "34.233.230.217",
                            "vpc": "true"
                        },
                        "meta": {},
                        "tainted": false
                    },
                    "deposed": [],
                    "provider": ""
                },
                "aws_eip.natgw.3": {
                    "type": "aws_eip",
                    "depends_on": [],
                    "primary": {
                        "id": "eipalloc-834d7ab0",
                        "attributes": {
                            "association_id": "eipassoc-5ca2bc69",
                            "domain": "vpc",
                            "id": "eipalloc-834d7ab0",
                            "instance": "",
                            "network_interface": "eni-2dcc893a",
                            "private_ip": "10.127.50.156",
                            "public_ip": "34.233.230.157",
                            "vpc": "true"
                        },
                        "meta": {},
                        "tainted": false
                    },
                    "deposed": [],
                    "provider": ""
                },
                "aws_eip.natgw.4": {
                    "type": "aws_eip",
                    "depends_on": [],
                    "primary": {
                        "id": "eipalloc-874a7db4",
                        "attributes": {
                            "association_id": "eipassoc-1ca1bf29",
                            "domain": "vpc",
                            "id": "eipalloc-874a7db4",
                            "instance": "",
                            "network_interface": "eni-5ef3d65e",
                            "private_ip": "10.127.50.168",
                            "public_ip": "34.233.230.139",
                            "vpc": "true"
                        },
                        "meta": {},
                        "tainted": false
                    },
                    "deposed": [],
                    "provider": ""
                },
                "aws_internet_gateway.igw": {
                    "type": "aws_internet_gateway",
                    "depends_on": [
                        "aws_vpc.main"
                    ],
                    "primary": {
                        "id": "igw-36353650",
                        "attributes": {
                            "id": "igw-36353650",
                            "tags.%": "5",
                            "tags.Name": "infra-pipeline-igw",
                            "tags.account_name": "jive-reco-sandbox",
                            "tags.pipeline_phase": "infra-pipeline",
                            "tags.region": "us-east-1",
                            "tags.sla": "non-prod",
                            "vpc_id": "vpc-07dbfa7e"
                        },
                        "meta": {},
                        "tainted": false
                    },
                    "deposed": [],
                    "provider": ""
                },
                "aws_launch_configuration.bastion": {
                    "type": "aws_launch_configuration",
                    "depends_on": [
                        "aws_security_group.jive_phx_dc",
                        "data.template_file.bastion_user_data"
                    ],
                    "primary": {
                        "id": "terraform-003ec6bb3ad53a5ad0e203f48e",
                        "attributes": {
                            "associate_public_ip_address": "false",
                            "ebs_block_device.#": "0",
                            "ebs_optimized": "false",
                            "enable_monitoring": "true",
                            "ephemeral_block_device.#": "0",
                            "iam_instance_profile": "eni-attach-profile",
                            "id": "terraform-003ec6bb3ad53a5ad0e203f48e",
                            "image_id": "ami-6d1c2007",
                            "instance_type": "t2.medium",
                            "key_name": "reco-sandbox",
                            "name": "terraform-003ec6bb3ad53a5ad0e203f48e",
                            "root_block_device.#": "1",
                            "root_block_device.0.delete_on_termination": "true",
                            "root_block_device.0.iops": "0",
                            "root_block_device.0.volume_size": "25",
                            "root_block_device.0.volume_type": "",
                            "security_groups.#": "1",
                            "security_groups.2914249939": "sg-60bd3710",
                            "spot_price": "",
                            "user_data": "881f8c5b7f787b03df34697a79f60109d49f4218",
                            "vpc_classic_link_id": "",
                            "vpc_classic_link_security_groups.#": "0"
                        },
                        "meta": {},
                        "tainted": false
                    },
                    "deposed": [],
                    "provider": ""
                },
                "aws_nat_gateway.natgw.0": {
                    "type": "aws_nat_gateway",
                    "depends_on": [
                        "aws_eip.natgw.*",
                        "aws_internet_gateway.igw",
                        "aws_subnet.public.*"
                    ],
                    "primary": {
                        "id": "nat-0be431e970fbbd2f5",
                        "attributes": {
                            "allocation_id": "eipalloc-8f4f78bc",
                            "id": "nat-0be431e970fbbd2f5",
                            "network_interface_id": "eni-8db8c02c",
                            "private_ip": "10.127.50.100",
                            "public_ip": "34.233.230.130",
                            "subnet_id": "subnet-a289c18e"
                        },
                        "meta": {},
                        "tainted": false
                    },
                    "deposed": [],
                    "provider": ""
                },
                "aws_nat_gateway.natgw.1": {
                    "type": "aws_nat_gateway",
                    "depends_on": [
                        "aws_eip.natgw.*",
                        "aws_internet_gateway.igw",
                        "aws_subnet.public.*"
                    ],
                    "primary": {
                        "id": "nat-0e1b77dc62ef10961",
                        "attributes": {
                            "allocation_id": "eipalloc-864a7db5",
                            "id": "nat-0e1b77dc62ef10961",
                            "network_interface_id": "eni-5873b68c",
                            "private_ip": "10.127.50.118",
                            "public_ip": "34.233.230.166",
                            "subnet_id": "subnet-18414e50"
                        },
                        "meta": {},
                        "tainted": false
                    },
                    "deposed": [],
                    "provider": ""
                },
                "aws_nat_gateway.natgw.2": {
                    "type": "aws_nat_gateway",
                    "depends_on": [
                        "aws_eip.natgw.*",
                        "aws_internet_gateway.igw",
                        "aws_subnet.public.*"
                    ],
                    "primary": {
                        "id": "nat-0518d79450fe5dd23",
                        "attributes": {
                            "allocation_id": "eipalloc-61370052",
                            "id": "nat-0518d79450fe5dd23",
                            "network_interface_id": "eni-2f554c84",
                            "private_ip": "10.127.50.141",
                            "public_ip": "34.233.230.217",
                            "subnet_id": "subnet-4617551c"
                        },
                        "meta": {},
                        "tainted": false
                    },
                    "deposed": [],
                    "provider": ""
                },
                "aws_nat_gateway.natgw.3": {
                    "type": "aws_nat_gateway",
                    "depends_on": [
                        "aws_eip.natgw.*",
                        "aws_internet_gateway.igw",
                        "aws_subnet.public.*"
                    ],
                    "primary": {
                        "id": "nat-0d36e57797ac3abdb",
                        "attributes": {
                            "allocation_id": "eipalloc-834d7ab0",
                            "id": "nat-0d36e57797ac3abdb",
                            "network_interface_id": "eni-2dcc893a",
                            "private_ip": "10.127.50.156",
                            "public_ip": "34.233.230.157",
                            "subnet_id": "subnet-543cf030"
                        },
                        "meta": {},
                        "tainted": false
                    },
                    "deposed": [],
                    "provider": ""
                },
                "aws_nat_gateway.natgw.4": {
                    "type": "aws_nat_gateway",
                    "depends_on": [
                        "aws_eip.natgw.*",
                        "aws_internet_gateway.igw",
                        "aws_subnet.public.*"
                    ],
                    "primary": {
                        "id": "nat-0823f1973817b3f4f",
                        "attributes": {
                            "allocation_id": "eipalloc-874a7db4",
                            "id": "nat-0823f1973817b3f4f",
                            "network_interface_id": "eni-5ef3d65e",
                            "private_ip": "10.127.50.168",
                            "public_ip": "34.233.230.139",
                            "subnet_id": "subnet-c6917df9"
                        },
                        "meta": {},
                        "tainted": false
                    },
                    "deposed": [],
                    "provider": ""
                },
                "aws_network_interface.bastion": {
                    "type": "aws_network_interface",
                    "depends_on": [
                        "aws_security_group.jive_phx_dc",
                        "aws_subnet.natdc"
                    ],
                    "primary": {
                        "id": "eni-f3433b52",
                        "attributes": {
                            "attachment.#": "1",
                            "attachment.3691853659.attachment_id": "eni-attach-10108230",
                            "attachment.3691853659.device_index": "1",
                            "attachment.3691853659.instance": "i-0084dc9e5b3cb7970",
                            "description": "",
                            "id": "eni-f3433b52",
                            "private_ip": "10.127.50.7",
                            "private_ips.#": "1",
                            "private_ips.3784507121": "10.127.50.7",
                            "security_groups.#": "1",
                            "security_groups.2914249939": "sg-60bd3710",
                            "source_dest_check": "true",
                            "subnet_id": "subnet-c785cdeb",
                            "tags.%": "7",
                            "tags.Name": "infra-pipeline-bastion-instance",
                            "tags.account_name": "jive-reco-sandbox",
                            "tags.jive_service": "infrastructure",
                            "tags.pipeline_phase": "infra-pipeline",
                            "tags.region": "us-east-1",
                            "tags.service_component": "bastion",
                            "tags.sla": "non-prod"
                        },
                        "meta": {},
                        "tainted": false
                    },
                    "deposed": [],
                    "provider": ""
                },
                "aws_route53_record.bastion": {
                    "type": "aws_route53_record",
                    "depends_on": [],
                    "primary": {
                        "id": "Z2NEFI7F67MOCU_bastion-us-east-1-jive-reco-sandbox_A",
                        "attributes": {
                            "fqdn": "bastion-us-east-1-jive-reco-sandbox.jiveprivate.com",
                            "health_check_id": "",
                            "id": "Z2NEFI7F67MOCU_bastion-us-east-1-jive-reco-sandbox_A",
                            "name": "bastion-us-east-1-jive-reco-sandbox",
                            "records.#": "1",
                            "records.3784507121": "10.127.50.7",
                            "set_identifier": "",
                            "ttl": "60",
                            "type": "A",
                            "zone_id": "Z2NEFI7F67MOCU"
                        },
                        "meta": {
                            "schema_version": "2"
                        },
                        "tainted": false
                    },
                    "deposed": [],
                    "provider": ""
                },
                "aws_route53_zone_association.route53": {
                    "type": "aws_route53_zone_association",
                    "depends_on": [
                        "aws_vpc.main"
                    ],
                    "primary": {
                        "id": "Z2NEFI7F67MOCU:vpc-07dbfa7e",
                        "attributes": {
                            "id": "Z2NEFI7F67MOCU:vpc-07dbfa7e",
                            "vpc_id": "vpc-07dbfa7e",
                            "vpc_region": "us-east-1",
                            "zone_id": "Z2NEFI7F67MOCU"
                        },
                        "meta": {},
                        "tainted": false
                    },
                    "deposed": [],
                    "provider": ""
                },
                "aws_route_table.natdc.0": {
                    "type": "aws_route_table",
                    "depends_on": [
                        "aws_nat_gateway.natgw.*",
                        "aws_vpc.main",
                        "aws_vpn_gateway.vgw"
                    ],
                    "primary": {
                        "id": "rtb-2c965357",
                        "attributes": {
                            "id": "rtb-2c965357",
                            "propagating_vgws.#": "1",
                            "propagating_vgws.3647964533": "vgw-d328c3ba",
                            "route.#": "2",
                            "route.1832113721.cidr_block": "0.0.0.0/0",
                            "route.1832113721.egress_only_gateway_id": "",
                            "route.1832113721.gateway_id": "",
                            "route.1832113721.instance_id": "",
                            "route.1832113721.ipv6_cidr_block": "",
                            "route.1832113721.nat_gateway_id": "nat-0be431e970fbbd2f5",
                            "route.1832113721.network_interface_id": "",
                            "route.1832113721.vpc_peering_connection_id": "",
                            "route.3523997923.cidr_block": "10.114.192.0/20",
                            "route.3523997923.egress_only_gateway_id": "",
                            "route.3523997923.gateway_id": "",
                            "route.3523997923.instance_id": "",
                            "route.3523997923.ipv6_cidr_block": "",
                            "route.3523997923.nat_gateway_id": "",
                            "route.3523997923.network_interface_id": "",
                            "route.3523997923.vpc_peering_connection_id": "pcx-7d91d314",
                            "tags.%": "5",
                            "tags.Name": "infra-pipeline-natdc-routetable",
                            "tags.account_name": "jive-reco-sandbox",
                            "tags.pipeline_phase": "infra-pipeline",
                            "tags.region": "us-east-1",
                            "tags.sla": "non-prod",
                            "vpc_id": "vpc-07dbfa7e"
                        },
                        "meta": {},
                        "tainted": false
                    },
                    "deposed": [],
                    "provider": ""
                },
                "aws_route_table.natdc.1": {
                    "type": "aws_route_table",
                    "depends_on": [
                        "aws_nat_gateway.natgw.*",
                        "aws_vpc.main",
                        "aws_vpn_gateway.vgw"
                    ],
                    "primary": {
                        "id": "rtb-f197528a",
                        "attributes": {
                            "id": "rtb-f197528a",
                            "propagating_vgws.#": "1",
                            "propagating_vgws.3647964533": "vgw-d328c3ba",
                            "route.#": "2",
                            "route.2838383526.cidr_block": "0.0.0.0/0",
                            "route.2838383526.egress_only_gateway_id": "",
                            "route.2838383526.gateway_id": "",
                            "route.2838383526.instance_id": "",
                            "route.2838383526.ipv6_cidr_block": "",
                            "route.2838383526.nat_gateway_id": "nat-0e1b77dc62ef10961",
                            "route.2838383526.network_interface_id": "",
                            "route.2838383526.vpc_peering_connection_id": "",
                            "route.3523997923.cidr_block": "10.114.192.0/20",
                            "route.3523997923.egress_only_gateway_id": "",
                            "route.3523997923.gateway_id": "",
                            "route.3523997923.instance_id": "",
                            "route.3523997923.ipv6_cidr_block": "",
                            "route.3523997923.nat_gateway_id": "",
                            "route.3523997923.network_interface_id": "",
                            "route.3523997923.vpc_peering_connection_id": "pcx-7d91d314",
                            "tags.%": "5",
                            "tags.Name": "infra-pipeline-natdc-routetable",
                            "tags.account_name": "jive-reco-sandbox",
                            "tags.pipeline_phase": "infra-pipeline",
                            "tags.region": "us-east-1",
                            "tags.sla": "non-prod",
                            "vpc_id": "vpc-07dbfa7e"
                        },
                        "meta": {},
                        "tainted": false
                    },
                    "deposed": [],
                    "provider": ""
                },
                "aws_route_table.natdc.2": {
                    "type": "aws_route_table",
                    "depends_on": [
                        "aws_nat_gateway.natgw.*",
                        "aws_vpc.main",
                        "aws_vpn_gateway.vgw"
                    ],
                    "primary": {
                        "id": "rtb-4f905534",
                        "attributes": {
                            "id": "rtb-4f905534",
                            "propagating_vgws.#": "1",
                            "propagating_vgws.3647964533": "vgw-d328c3ba",
                            "route.#": "2",
                            "route.3418821606.cidr_block": "0.0.0.0/0",
                            "route.3418821606.egress_only_gateway_id": "",
                            "route.3418821606.gateway_id": "",
                            "route.3418821606.instance_id": "",
                            "route.3418821606.ipv6_cidr_block": "",
                            "route.3418821606.nat_gateway_id": "nat-0518d79450fe5dd23",
                            "route.3418821606.network_interface_id": "",
                            "route.3418821606.vpc_peering_connection_id": "",
                            "route.3523997923.cidr_block": "10.114.192.0/20",
                            "route.3523997923.egress_only_gateway_id": "",
                            "route.3523997923.gateway_id": "",
                            "route.3523997923.instance_id": "",
                            "route.3523997923.ipv6_cidr_block": "",
                            "route.3523997923.nat_gateway_id": "",
                            "route.3523997923.network_interface_id": "",
                            "route.3523997923.vpc_peering_connection_id": "pcx-7d91d314",
                            "tags.%": "5",
                            "tags.Name": "infra-pipeline-natdc-routetable",
                            "tags.account_name": "jive-reco-sandbox",
                            "tags.pipeline_phase": "infra-pipeline",
                            "tags.region": "us-east-1",
                            "tags.sla": "non-prod",
                            "vpc_id": "vpc-07dbfa7e"
                        },
                        "meta": {},
                        "tainted": false
                    },
                    "deposed": [],
                    "provider": ""
                },
                "aws_route_table.natdc.3": {
                    "type": "aws_route_table",
                    "depends_on": [
                        "aws_nat_gateway.natgw.*",
                        "aws_vpc.main",
                        "aws_vpn_gateway.vgw"
                    ],
                    "primary": {
                        "id": "rtb-419d583a",
                        "attributes": {
                            "id": "rtb-419d583a",
                            "propagating_vgws.#": "1",
                            "propagating_vgws.3647964533": "vgw-d328c3ba",
                            "route.#": "2",
                            "route.1295737767.cidr_block": "0.0.0.0/0",
                            "route.1295737767.egress_only_gateway_id": "",
                            "route.1295737767.gateway_id": "",
                            "route.1295737767.instance_id": "",
                            "route.1295737767.ipv6_cidr_block": "",
                            "route.1295737767.nat_gateway_id": "nat-0d36e57797ac3abdb",
                            "route.1295737767.network_interface_id": "",
                            "route.1295737767.vpc_peering_connection_id": "",
                            "route.3523997923.cidr_block": "10.114.192.0/20",
                            "route.3523997923.egress_only_gateway_id": "",
                            "route.3523997923.gateway_id": "",
                            "route.3523997923.instance_id": "",
                            "route.3523997923.ipv6_cidr_block": "",
                            "route.3523997923.nat_gateway_id": "",
                            "route.3523997923.network_interface_id": "",
                            "route.3523997923.vpc_peering_connection_id": "pcx-7d91d314",
                            "tags.%": "5",
                            "tags.Name": "infra-pipeline-natdc-routetable",
                            "tags.account_name": "jive-reco-sandbox",
                            "tags.pipeline_phase": "infra-pipeline",
                            "tags.region": "us-east-1",
                            "tags.sla": "non-prod",
                            "vpc_id": "vpc-07dbfa7e"
                        },
                        "meta": {},
                        "tainted": false
                    },
                    "deposed": [],
                    "provider": ""
                },
                "aws_route_table.natdc.4": {
                    "type": "aws_route_table",
                    "depends_on": [
                        "aws_nat_gateway.natgw.*",
                        "aws_vpc.main",
                        "aws_vpn_gateway.vgw"
                    ],
                    "primary": {
                        "id": "rtb-9b9055e0",
                        "attributes": {
                            "id": "rtb-9b9055e0",
                            "propagating_vgws.#": "1",
                            "propagating_vgws.3647964533": "vgw-d328c3ba",
                            "route.#": "2",
                            "route.1848172871.cidr_block": "0.0.0.0/0",
                            "route.1848172871.egress_only_gateway_id": "",
                            "route.1848172871.gateway_id": "",
                            "route.1848172871.instance_id": "",
                            "route.1848172871.ipv6_cidr_block": "",
                            "route.1848172871.nat_gateway_id": "nat-0823f1973817b3f4f",
                            "route.1848172871.network_interface_id": "",
                            "route.1848172871.vpc_peering_connection_id": "",
                            "route.3523997923.cidr_block": "10.114.192.0/20",
                            "route.3523997923.egress_only_gateway_id": "",
                            "route.3523997923.gateway_id": "",
                            "route.3523997923.instance_id": "",
                            "route.3523997923.ipv6_cidr_block": "",
                            "route.3523997923.nat_gateway_id": "",
                            "route.3523997923.network_interface_id": "",
                            "route.3523997923.vpc_peering_connection_id": "pcx-7d91d314",
                            "tags.%": "5",
                            "tags.Name": "infra-pipeline-natdc-routetable",
                            "tags.account_name": "jive-reco-sandbox",
                            "tags.pipeline_phase": "infra-pipeline",
                            "tags.region": "us-east-1",
                            "tags.sla": "non-prod",
                            "vpc_id": "vpc-07dbfa7e"
                        },
                        "meta": {},
                        "tainted": false
                    },
                    "deposed": [],
                    "provider": ""
                },
                "aws_route_table.private": {
                    "type": "aws_route_table",
                    "depends_on": [
                        "aws_vpc.main"
                    ],
                    "primary": {
                        "id": "rtb-9b9154e0",
                        "attributes": {
                            "id": "rtb-9b9154e0",
                            "propagating_vgws.#": "0",
                            "route.#": "1",
                            "route.3523997923.cidr_block": "10.114.192.0/20",
                            "route.3523997923.egress_only_gateway_id": "",
                            "route.3523997923.gateway_id": "",
                            "route.3523997923.instance_id": "",
                            "route.3523997923.ipv6_cidr_block": "",
                            "route.3523997923.nat_gateway_id": "",
                            "route.3523997923.network_interface_id": "",
                            "route.3523997923.vpc_peering_connection_id": "pcx-7d91d314",
                            "tags.%": "5",
                            "tags.Name": "infra-pipeline-private-routetable",
                            "tags.account_name": "jive-reco-sandbox",
                            "tags.pipeline_phase": "infra-pipeline",
                            "tags.region": "us-east-1",
                            "tags.sla": "non-prod",
                            "vpc_id": "vpc-07dbfa7e"
                        },
                        "meta": {},
                        "tainted": false
                    },
                    "deposed": [],
                    "provider": ""
                },
                "aws_route_table.public": {
                    "type": "aws_route_table",
                    "depends_on": [
                        "aws_internet_gateway.igw",
                        "aws_vpc.main"
                    ],
                    "primary": {
                        "id": "rtb-68995c13",
                        "attributes": {
                            "id": "rtb-68995c13",
                            "propagating_vgws.#": "0",
                            "route.#": "2",
                            "route.1796279509.cidr_block": "0.0.0.0/0",
                            "route.1796279509.egress_only_gateway_id": "",
                            "route.1796279509.gateway_id": "igw-36353650",
                            "route.1796279509.instance_id": "",
                            "route.1796279509.ipv6_cidr_block": "",
                            "route.1796279509.nat_gateway_id": "",
                            "route.1796279509.network_interface_id": "",
                            "route.1796279509.vpc_peering_connection_id": "",
                            "route.3523997923.cidr_block": "10.114.192.0/20",
                            "route.3523997923.egress_only_gateway_id": "",
                            "route.3523997923.gateway_id": "",
                            "route.3523997923.instance_id": "",
                            "route.3523997923.ipv6_cidr_block": "",
                            "route.3523997923.nat_gateway_id": "",
                            "route.3523997923.network_interface_id": "",
                            "route.3523997923.vpc_peering_connection_id": "pcx-7d91d314",
                            "tags.%": "5",
                            "tags.Name": "infra-pipeline-public-routetable",
                            "tags.account_name": "jive-reco-sandbox",
                            "tags.pipeline_phase": "infra-pipeline",
                            "tags.region": "us-east-1",
                            "tags.sla": "non-prod",
                            "vpc_id": "vpc-07dbfa7e"
                        },
                        "meta": {},
                        "tainted": false
                    },
                    "deposed": [],
                    "provider": ""
                },
                "aws_route_table_association.natdc.0": {
                    "type": "aws_route_table_association",
                    "depends_on": [
                        "aws_route_table.natdc.*",
                        "aws_subnet.natdc.*"
                    ],
                    "primary": {
                        "id": "rtbassoc-bf0b98c5",
                        "attributes": {
                            "id": "rtbassoc-bf0b98c5",
                            "route_table_id": "rtb-2c965357",
                            "subnet_id": "subnet-97454adf"
                        },
                        "meta": {},
                        "tainted": false
                    },
                    "deposed": [],
                    "provider": ""
                },
                "aws_route_table_association.natdc.1": {
                    "type": "aws_route_table_association",
                    "depends_on": [
                        "aws_route_table.natdc.*",
                        "aws_subnet.natdc.*"
                    ],
                    "primary": {
                        "id": "rtbassoc-fe079484",
                        "attributes": {
                            "id": "rtbassoc-fe079484",
                            "route_table_id": "rtb-f197528a",
                            "subnet_id": "subnet-5615570c"
                        },
                        "meta": {},
                        "tainted": false
                    },
                    "deposed": [],
                    "provider": ""
                },
                "aws_route_table_association.natdc.2": {
                    "type": "aws_route_table_association",
                    "depends_on": [
                        "aws_route_table.natdc.*",
                        "aws_subnet.natdc.*"
                    ],
                    "primary": {
                        "id": "rtbassoc-30099a4a",
                        "attributes": {
                            "id": "rtbassoc-30099a4a",
                            "route_table_id": "rtb-4f905534",
                            "subnet_id": "subnet-ec3bf788"
                        },
                        "meta": {},
                        "tainted": false
                    },
                    "deposed": [],
                    "provider": ""
                },
                "aws_route_table_association.natdc.3": {
                    "type": "aws_route_table_association",
                    "depends_on": [
                        "aws_route_table.natdc.*",
                        "aws_subnet.natdc.*"
                    ],
                    "primary": {
                        "id": "rtbassoc-bc0b98c6",
                        "attributes": {
                            "id": "rtbassoc-bc0b98c6",
                            "route_table_id": "rtb-419d583a",
                            "subnet_id": "subnet-10937f2f"
                        },
                        "meta": {},
                        "tainted": false
                    },
                    "deposed": [],
                    "provider": ""
                },
                "aws_route_table_association.natdc.4": {
                    "type": "aws_route_table_association",
                    "depends_on": [
                        "aws_route_table.natdc.*",
                        "aws_subnet.natdc.*"
                    ],
                    "primary": {
                        "id": "rtbassoc-d5099aaf",
                        "attributes": {
                            "id": "rtbassoc-d5099aaf",
                            "route_table_id": "rtb-9b9055e0",
                            "subnet_id": "subnet-c785cdeb"
                        },
                        "meta": {},
                        "tainted": false
                    },
                    "deposed": [],
                    "provider": ""
                },
                "aws_route_table_association.private.0": {
                    "type": "aws_route_table_association",
                    "depends_on": [
                        "aws_route_table.private",
                        "aws_subnet.private.*"
                    ],
                    "primary": {
                        "id": "rtbassoc-1a0b9860",
                        "attributes": {
                            "id": "rtbassoc-1a0b9860",
                            "route_table_id": "rtb-9b9154e0",
                            "subnet_id": "subnet-bc8ec690"
                        },
                        "meta": {},
                        "tainted": false
                    },
                    "deposed": [],
                    "provider": ""
                },
                "aws_route_table_association.private.1": {
                    "type": "aws_route_table_association",
                    "depends_on": [
                        "aws_route_table.private",
                        "aws_subnet.private.*"
                    ],
                    "primary": {
                        "id": "rtbassoc-0f0a9975",
                        "attributes": {
                            "id": "rtbassoc-0f0a9975",
                            "route_table_id": "rtb-9b9154e0",
                            "subnet_id": "subnet-4c484704"
                        },
                        "meta": {},
                        "tainted": false
                    },
                    "deposed": [],
                    "provider": ""
                },
                "aws_route_table_association.private.2": {
                    "type": "aws_route_table_association",
                    "depends_on": [
                        "aws_route_table.private",
                        "aws_subnet.private.*"
                    ],
                    "primary": {
                        "id": "rtbassoc-c90e9db3",
                        "attributes": {
                            "id": "rtbassoc-c90e9db3",
                            "route_table_id": "rtb-9b9154e0",
                            "subnet_id": "subnet-b11755eb"
                        },
                        "meta": {},
                        "tainted": false
                    },
                    "deposed": [],
                    "provider": ""
                },
                "aws_route_table_association.private.3": {
                    "type": "aws_route_table_association",
                    "depends_on": [
                        "aws_route_table.private",
                        "aws_subnet.private.*"
                    ],
                    "primary": {
                        "id": "rtbassoc-d30695a9",
                        "attributes": {
                            "id": "rtbassoc-d30695a9",
                            "route_table_id": "rtb-9b9154e0",
                            "subnet_id": "subnet-6838f40c"
                        },
                        "meta": {},
                        "tainted": false
                    },
                    "deposed": [],
                    "provider": ""
                },
                "aws_route_table_association.private.4": {
                    "type": "aws_route_table_association",
                    "depends_on": [
                        "aws_route_table.private",
                        "aws_subnet.private.*"
                    ],
                    "primary": {
                        "id": "rtbassoc-4a049730",
                        "attributes": {
                            "id": "rtbassoc-4a049730",
                            "route_table_id": "rtb-9b9154e0",
                            "subnet_id": "subnet-c7937ff8"
                        },
                        "meta": {},
                        "tainted": false
                    },
                    "deposed": [],
                    "provider": ""
                },
                "aws_route_table_association.public.0": {
                    "type": "aws_route_table_association",
                    "depends_on": [
                        "aws_route_table.public",
                        "aws_subnet.public.*"
                    ],
                    "primary": {
                        "id": "rtbassoc-0b0d9e71",
                        "attributes": {
                            "id": "rtbassoc-0b0d9e71",
                            "route_table_id": "rtb-68995c13",
                            "subnet_id": "subnet-a289c18e"
                        },
                        "meta": {},
                        "tainted": false
                    },
                    "deposed": [],
                    "provider": ""
                },
                "aws_route_table_association.public.1": {
                    "type": "aws_route_table_association",
                    "depends_on": [
                        "aws_route_table.public",
                        "aws_subnet.public.*"
                    ],
                    "primary": {
                        "id": "rtbassoc-ce0e9db4",
                        "attributes": {
                            "id": "rtbassoc-ce0e9db4",
                            "route_table_id": "rtb-68995c13",
                            "subnet_id": "subnet-18414e50"
                        },
                        "meta": {},
                        "tainted": false
                    },
                    "deposed": [],
                    "provider": ""
                },
                "aws_route_table_association.public.2": {
                    "type": "aws_route_table_association",
                    "depends_on": [
                        "aws_route_table.public",
                        "aws_subnet.public.*"
                    ],
                    "primary": {
                        "id": "rtbassoc-fc0f9c86",
                        "attributes": {
                            "id": "rtbassoc-fc0f9c86",
                            "route_table_id": "rtb-68995c13",
                            "subnet_id": "subnet-4617551c"
                        },
                        "meta": {},
                        "tainted": false
                    },
                    "deposed": [],
                    "provider": ""
                },
                "aws_route_table_association.public.3": {
                    "type": "aws_route_table_association",
                    "depends_on": [
                        "aws_route_table.public",
                        "aws_subnet.public.*"
                    ],
                    "primary": {
                        "id": "rtbassoc-5b0f9c21",
                        "attributes": {
                            "id": "rtbassoc-5b0f9c21",
                            "route_table_id": "rtb-68995c13",
                            "subnet_id": "subnet-543cf030"
                        },
                        "meta": {},
                        "tainted": false
                    },
                    "deposed": [],
                    "provider": ""
                },
                "aws_route_table_association.public.4": {
                    "type": "aws_route_table_association",
                    "depends_on": [
                        "aws_route_table.public",
                        "aws_subnet.public.*"
                    ],
                    "primary": {
                        "id": "rtbassoc-0707947d",
                        "attributes": {
                            "id": "rtbassoc-0707947d",
                            "route_table_id": "rtb-68995c13",
                            "subnet_id": "subnet-c6917df9"
                        },
                        "meta": {},
                        "tainted": false
                    },
                    "deposed": [],
                    "provider": ""
                },
                "aws_security_group.env_instance": {
                    "type": "aws_security_group",
                    "depends_on": [
                        "aws_vpc.main"
                    ],
                    "primary": {
                        "id": "sg-55bf3525",
                        "attributes": {
                            "description": "Empty SG for all instances within the environment",
                            "egress.#": "0",
                            "id": "sg-55bf3525",
                            "ingress.#": "0",
                            "name": "infra-pipeline-instance",
                            "owner_id": "922236644688",
                            "tags.%": "5",
                            "tags.Name": "infra-pipeline-instance",
                            "tags.account_name": "jive-reco-sandbox",
                            "tags.pipeline_phase": "infra-pipeline",
                            "tags.region": "us-east-1",
                            "tags.sla": "non-prod",
                            "vpc_id": "vpc-07dbfa7e"
                        },
                        "meta": {},
                        "tainted": false
                    },
                    "deposed": [],
                    "provider": ""
                },
                "aws_security_group.jive_phx_dc": {
                    "type": "aws_security_group",
                    "depends_on": [
                        "aws_vpc.main"
                    ],
                    "primary": {
                        "id": "sg-60bd3710",
                        "attributes": {
                            "description": "Allow SSH and Ping from CIDRs within Jive PHX Data Center",
                            "egress.#": "1",
                            "egress.482069346.cidr_blocks.#": "1",
                            "egress.482069346.cidr_blocks.0": "0.0.0.0/0",
                            "egress.482069346.from_port": "0",
                            "egress.482069346.ipv6_cidr_blocks.#": "0",
                            "egress.482069346.prefix_list_ids.#": "0",
                            "egress.482069346.protocol": "-1",
                            "egress.482069346.security_groups.#": "0",
                            "egress.482069346.self": "false",
                            "egress.482069346.to_port": "0",
                            "id": "sg-60bd3710",
                            "ingress.#": "2",
                            "ingress.179083333.cidr_blocks.#": "1",
                            "ingress.179083333.cidr_blocks.0": "10.0.0.0/8",
                            "ingress.179083333.from_port": "22",
                            "ingress.179083333.ipv6_cidr_blocks.#": "0",
                            "ingress.179083333.protocol": "tcp",
                            "ingress.179083333.security_groups.#": "0",
                            "ingress.179083333.self": "false",
                            "ingress.179083333.to_port": "22",
                            "ingress.3280021429.cidr_blocks.#": "1",
                            "ingress.3280021429.cidr_blocks.0": "10.0.0.0/8",
                            "ingress.3280021429.from_port": "8",
                            "ingress.3280021429.ipv6_cidr_blocks.#": "0",
                            "ingress.3280021429.protocol": "icmp",
                            "ingress.3280021429.security_groups.#": "0",
                            "ingress.3280021429.self": "false",
                            "ingress.3280021429.to_port": "0",
                            "name": "infra-pipeline-jive-phx-dc",
                            "owner_id": "922236644688",
                            "tags.%": "6",
                            "tags.Name": "infra-pipeline-jive-phx-dc",
                            "tags.account_name": "jive-reco-sandbox",
                            "tags.jive_service": "infrastructure",
                            "tags.pipeline_phase": "infra-pipeline",
                            "tags.region": "us-east-1",
                            "tags.sla": "non-prod",
                            "vpc_id": "vpc-07dbfa7e"
                        },
                        "meta": {},
                        "tainted": false
                    },
                    "deposed": [],
                    "provider": ""
                },
                "aws_subnet.natdc.0": {
                    "type": "aws_subnet",
                    "depends_on": [
                        "aws_vpc.main"
                    ],
                    "primary": {
                        "id": "subnet-c785cdeb",
                        "attributes": {
                            "assign_ipv6_address_on_creation": "false",
                            "availability_zone": "us-east-1a",
                            "cidr_block": "10.127.50.0/28",
                            "id": "subnet-c785cdeb",
                            "map_public_ip_on_launch": "false",
                            "tags.%": "5",
                            "tags.Name": "infra-pipeline-natdc-subnet",
                            "tags.account_name": "jive-reco-sandbox",
                            "tags.pipeline_phase": "infra-pipeline",
                            "tags.region": "us-east-1",
                            "tags.sla": "non-prod",
                            "vpc_id": "vpc-07dbfa7e"
                        },
                        "meta": {
                            "schema_version": "1"
                        },
                        "tainted": false
                    },
                    "deposed": [],
                    "provider": ""
                },
                "aws_subnet.natdc.1": {
                    "type": "aws_subnet",
                    "depends_on": [
                        "aws_vpc.main"
                    ],
                    "primary": {
                        "id": "subnet-97454adf",
                        "attributes": {
                            "assign_ipv6_address_on_creation": "false",
                            "availability_zone": "us-east-1b",
                            "cidr_block": "10.127.50.16/28",
                            "id": "subnet-97454adf",
                            "map_public_ip_on_launch": "false",
                            "tags.%": "5",
                            "tags.Name": "infra-pipeline-natdc-subnet",
                            "tags.account_name": "jive-reco-sandbox",
                            "tags.pipeline_phase": "infra-pipeline",
                            "tags.region": "us-east-1",
                            "tags.sla": "non-prod",
                            "vpc_id": "vpc-07dbfa7e"
                        },
                        "meta": {
                            "schema_version": "1"
                        },
                        "tainted": false
                    },
                    "deposed": [],
                    "provider": ""
                },
                "aws_subnet.natdc.2": {
                    "type": "aws_subnet",
                    "depends_on": [
                        "aws_vpc.main"
                    ],
                    "primary": {
                        "id": "subnet-5615570c",
                        "attributes": {
                            "assign_ipv6_address_on_creation": "false",
                            "availability_zone": "us-east-1c",
                            "cidr_block": "10.127.50.32/28",
                            "id": "subnet-5615570c",
                            "map_public_ip_on_launch": "false",
                            "tags.%": "5",
                            "tags.Name": "infra-pipeline-natdc-subnet",
                            "tags.account_name": "jive-reco-sandbox",
                            "tags.pipeline_phase": "infra-pipeline",
                            "tags.region": "us-east-1",
                            "tags.sla": "non-prod",
                            "vpc_id": "vpc-07dbfa7e"
                        },
                        "meta": {
                            "schema_version": "1"
                        },
                        "tainted": false
                    },
                    "deposed": [],
                    "provider": ""
                },
                "aws_subnet.natdc.3": {
                    "type": "aws_subnet",
                    "depends_on": [
                        "aws_vpc.main"
                    ],
                    "primary": {
                        "id": "subnet-ec3bf788",
                        "attributes": {
                            "assign_ipv6_address_on_creation": "false",
                            "availability_zone": "us-east-1d",
                            "cidr_block": "10.127.50.64/28",
                            "id": "subnet-ec3bf788",
                            "map_public_ip_on_launch": "false",
                            "tags.%": "5",
                            "tags.Name": "infra-pipeline-natdc-subnet",
                            "tags.account_name": "jive-reco-sandbox",
                            "tags.pipeline_phase": "infra-pipeline",
                            "tags.region": "us-east-1",
                            "tags.sla": "non-prod",
                            "vpc_id": "vpc-07dbfa7e"
                        },
                        "meta": {
                            "schema_version": "1"
                        },
                        "tainted": false
                    },
                    "deposed": [],
                    "provider": ""
                },
                "aws_subnet.natdc.4": {
                    "type": "aws_subnet",
                    "depends_on": [
                        "aws_vpc.main"
                    ],
                    "primary": {
                        "id": "subnet-10937f2f",
                        "attributes": {
                            "assign_ipv6_address_on_creation": "false",
                            "availability_zone": "us-east-1e",
                            "cidr_block": "10.127.50.80/28",
                            "id": "subnet-10937f2f",
                            "map_public_ip_on_launch": "false",
                            "tags.%": "5",
                            "tags.Name": "infra-pipeline-natdc-subnet",
                            "tags.account_name": "jive-reco-sandbox",
                            "tags.pipeline_phase": "infra-pipeline",
                            "tags.region": "us-east-1",
                            "tags.sla": "non-prod",
                            "vpc_id": "vpc-07dbfa7e"
                        },
                        "meta": {
                            "schema_version": "1"
                        },
                        "tainted": false
                    },
                    "deposed": [],
                    "provider": ""
                },
                "aws_subnet.private.0": {
                    "type": "aws_subnet",
                    "depends_on": [
                        "aws_vpc.main"
                    ],
                    "primary": {
                        "id": "subnet-bc8ec690",
                        "attributes": {
                            "assign_ipv6_address_on_creation": "false",
                            "availability_zone": "us-east-1a",
                            "cidr_block": "10.127.50.176/28",
                            "id": "subnet-bc8ec690",
                            "map_public_ip_on_launch": "false",
                            "tags.%": "5",
                            "tags.Name": "infra-pipeline-private-subnet",
                            "tags.account_name": "jive-reco-sandbox",
                            "tags.pipeline_phase": "infra-pipeline",
                            "tags.region": "us-east-1",
                            "tags.sla": "non-prod",
                            "vpc_id": "vpc-07dbfa7e"
                        },
                        "meta": {
                            "schema_version": "1"
                        },
                        "tainted": false
                    },
                    "deposed": [],
                    "provider": ""
                },
                "aws_subnet.private.1": {
                    "type": "aws_subnet",
                    "depends_on": [
                        "aws_vpc.main"
                    ],
                    "primary": {
                        "id": "subnet-4c484704",
                        "attributes": {
                            "assign_ipv6_address_on_creation": "false",
                            "availability_zone": "us-east-1b",
                            "cidr_block": "10.127.50.192/28",
                            "id": "subnet-4c484704",
                            "map_public_ip_on_launch": "false",
                            "tags.%": "5",
                            "tags.Name": "infra-pipeline-private-subnet",
                            "tags.account_name": "jive-reco-sandbox",
                            "tags.pipeline_phase": "infra-pipeline",
                            "tags.region": "us-east-1",
                            "tags.sla": "non-prod",
                            "vpc_id": "vpc-07dbfa7e"
                        },
                        "meta": {
                            "schema_version": "1"
                        },
                        "tainted": false
                    },
                    "deposed": [],
                    "provider": ""
                },
                "aws_subnet.private.2": {
                    "type": "aws_subnet",
                    "depends_on": [
                        "aws_vpc.main"
                    ],
                    "primary": {
                        "id": "subnet-b11755eb",
                        "attributes": {
                            "assign_ipv6_address_on_creation": "false",
                            "availability_zone": "us-east-1c",
                            "cidr_block": "10.127.50.208/28",
                            "id": "subnet-b11755eb",
                            "map_public_ip_on_launch": "false",
                            "tags.%": "5",
                            "tags.Name": "infra-pipeline-private-subnet",
                            "tags.account_name": "jive-reco-sandbox",
                            "tags.pipeline_phase": "infra-pipeline",
                            "tags.region": "us-east-1",
                            "tags.sla": "non-prod",
                            "vpc_id": "vpc-07dbfa7e"
                        },
                        "meta": {
                            "schema_version": "1"
                        },
                        "tainted": false
                    },
                    "deposed": [],
                    "provider": ""
                },
                "aws_subnet.private.3": {
                    "type": "aws_subnet",
                    "depends_on": [
                        "aws_vpc.main"
                    ],
                    "primary": {
                        "id": "subnet-6838f40c",
                        "attributes": {
                            "assign_ipv6_address_on_creation": "false",
                            "availability_zone": "us-east-1d",
                            "cidr_block": "10.127.50.224/28",
                            "id": "subnet-6838f40c",
                            "map_public_ip_on_launch": "false",
                            "tags.%": "5",
                            "tags.Name": "infra-pipeline-private-subnet",
                            "tags.account_name": "jive-reco-sandbox",
                            "tags.pipeline_phase": "infra-pipeline",
                            "tags.region": "us-east-1",
                            "tags.sla": "non-prod",
                            "vpc_id": "vpc-07dbfa7e"
                        },
                        "meta": {
                            "schema_version": "1"
                        },
                        "tainted": false
                    },
                    "deposed": [],
                    "provider": ""
                },
                "aws_subnet.private.4": {
                    "type": "aws_subnet",
                    "depends_on": [
                        "aws_vpc.main"
                    ],
                    "primary": {
                        "id": "subnet-c7937ff8",
                        "attributes": {
                            "assign_ipv6_address_on_creation": "false",
                            "availability_zone": "us-east-1e",
                            "cidr_block": "10.127.50.240/28",
                            "id": "subnet-c7937ff8",
                            "map_public_ip_on_launch": "false",
                            "tags.%": "5",
                            "tags.Name": "infra-pipeline-private-subnet",
                            "tags.account_name": "jive-reco-sandbox",
                            "tags.pipeline_phase": "infra-pipeline",
                            "tags.region": "us-east-1",
                            "tags.sla": "non-prod",
                            "vpc_id": "vpc-07dbfa7e"
                        },
                        "meta": {
                            "schema_version": "1"
                        },
                        "tainted": false
                    },
                    "deposed": [],
                    "provider": ""
                },
                "aws_subnet.public.0": {
                    "type": "aws_subnet",
                    "depends_on": [
                        "aws_vpc.main"
                    ],
                    "primary": {
                        "id": "subnet-a289c18e",
                        "attributes": {
                            "assign_ipv6_address_on_creation": "false",
                            "availability_zone": "us-east-1a",
                            "cidr_block": "10.127.50.96/28",
                            "id": "subnet-a289c18e",
                            "map_public_ip_on_launch": "false",
                            "tags.%": "5",
                            "tags.Name": "infra-pipeline-public-subnet",
                            "tags.account_name": "jive-reco-sandbox",
                            "tags.pipeline_phase": "infra-pipeline",
                            "tags.region": "us-east-1",
                            "tags.sla": "non-prod",
                            "vpc_id": "vpc-07dbfa7e"
                        },
                        "meta": {
                            "schema_version": "1"
                        },
                        "tainted": false
                    },
                    "deposed": [],
                    "provider": ""
                },
                "aws_subnet.public.1": {
                    "type": "aws_subnet",
                    "depends_on": [
                        "aws_vpc.main"
                    ],
                    "primary": {
                        "id": "subnet-18414e50",
                        "attributes": {
                            "assign_ipv6_address_on_creation": "false",
                            "availability_zone": "us-east-1b",
                            "cidr_block": "10.127.50.112/28",
                            "id": "subnet-18414e50",
                            "map_public_ip_on_launch": "false",
                            "tags.%": "5",
                            "tags.Name": "infra-pipeline-public-subnet",
                            "tags.account_name": "jive-reco-sandbox",
                            "tags.pipeline_phase": "infra-pipeline",
                            "tags.region": "us-east-1",
                            "tags.sla": "non-prod",
                            "vpc_id": "vpc-07dbfa7e"
                        },
                        "meta": {
                            "schema_version": "1"
                        },
                        "tainted": false
                    },
                    "deposed": [],
                    "provider": ""
                },
                "aws_subnet.public.2": {
                    "type": "aws_subnet",
                    "depends_on": [
                        "aws_vpc.main"
                    ],
                    "primary": {
                        "id": "subnet-4617551c",
                        "attributes": {
                            "assign_ipv6_address_on_creation": "false",
                            "availability_zone": "us-east-1c",
                            "cidr_block": "10.127.50.128/28",
                            "id": "subnet-4617551c",
                            "map_public_ip_on_launch": "false",
                            "tags.%": "5",
                            "tags.Name": "infra-pipeline-public-subnet",
                            "tags.account_name": "jive-reco-sandbox",
                            "tags.pipeline_phase": "infra-pipeline",
                            "tags.region": "us-east-1",
                            "tags.sla": "non-prod",
                            "vpc_id": "vpc-07dbfa7e"
                        },
                        "meta": {
                            "schema_version": "1"
                        },
                        "tainted": false
                    },
                    "deposed": [],
                    "provider": ""
                },
                "aws_subnet.public.3": {
                    "type": "aws_subnet",
                    "depends_on": [
                        "aws_vpc.main"
                    ],
                    "primary": {
                        "id": "subnet-543cf030",
                        "attributes": {
                            "assign_ipv6_address_on_creation": "false",
                            "availability_zone": "us-east-1d",
                            "cidr_block": "10.127.50.144/28",
                            "id": "subnet-543cf030",
                            "map_public_ip_on_launch": "false",
                            "tags.%": "5",
                            "tags.Name": "infra-pipeline-public-subnet",
                            "tags.account_name": "jive-reco-sandbox",
                            "tags.pipeline_phase": "infra-pipeline",
                            "tags.region": "us-east-1",
                            "tags.sla": "non-prod",
                            "vpc_id": "vpc-07dbfa7e"
                        },
                        "meta": {
                            "schema_version": "1"
                        },
                        "tainted": false
                    },
                    "deposed": [],
                    "provider": ""
                },
                "aws_subnet.public.4": {
                    "type": "aws_subnet",
                    "depends_on": [
                        "aws_vpc.main"
                    ],
                    "primary": {
                        "id": "subnet-c6917df9",
                        "attributes": {
                            "assign_ipv6_address_on_creation": "false",
                            "availability_zone": "us-east-1e",
                            "cidr_block": "10.127.50.160/28",
                            "id": "subnet-c6917df9",
                            "map_public_ip_on_launch": "false",
                            "tags.%": "5",
                            "tags.Name": "infra-pipeline-public-subnet",
                            "tags.account_name": "jive-reco-sandbox",
                            "tags.pipeline_phase": "infra-pipeline",
                            "tags.region": "us-east-1",
                            "tags.sla": "non-prod",
                            "vpc_id": "vpc-07dbfa7e"
                        },
                        "meta": {
                            "schema_version": "1"
                        },
                        "tainted": false
                    },
                    "deposed": [],
                    "provider": ""
                },
                "aws_vpc.main": {
                    "type": "aws_vpc",
                    "depends_on": [],
                    "primary": {
                        "id": "vpc-07dbfa7e",
                        "attributes": {
                            "assign_generated_ipv6_cidr_block": "false",
                            "cidr_block": "10.127.50.0/24",
                            "default_network_acl_id": "acl-8c65b4f4",
                            "default_route_table_id": "rtb-b19c59ca",
                            "default_security_group_id": "sg-4bba303b",
                            "dhcp_options_id": "dopt-919da2f7",
                            "enable_classiclink": "false",
                            "enable_dns_hostnames": "true",
                            "enable_dns_support": "true",
                            "id": "vpc-07dbfa7e",
                            "instance_tenancy": "default",
                            "main_route_table_id": "rtb-b19c59ca",
                            "tags.%": "5",
                            "tags.Name": "infra-pipeline-vpc",
                            "tags.account_name": "jive-reco-sandbox",
                            "tags.pipeline_phase": "infra-pipeline",
                            "tags.region": "us-east-1",
                            "tags.sla": "non-prod"
                        },
                        "meta": {
                            "schema_version": "1"
                        },
                        "tainted": false
                    },
                    "deposed": [],
                    "provider": ""
                },
                "aws_vpn_gateway.vgw": {
                    "type": "aws_vpn_gateway",
                    "depends_on": [
                        "aws_vpc.main"
                    ],
                    "primary": {
                        "id": "vgw-d328c3ba",
                        "attributes": {
                            "id": "vgw-d328c3ba",
                            "tags.%": "7",
                            "tags.Name": "infra-pipeline-vgw",
                            "tags.account_name": "jive-reco-sandbox",
                            "tags.jive_service": "infrastructure",
                            "tags.pipeline_phase": "infra-pipeline",
                            "tags.region": "us-east-1",
                            "tags.service_component": "vpn_gateway",
                            "tags.sla": "non-prod",
                            "vpc_id": "vpc-07dbfa7e"
                        },
                        "meta": {},
                        "tainted": false
                    },
                    "deposed": [],
                    "provider": ""
                },
                "data.template_file.bastion_user_data": {
                    "type": "template_file",
                    "depends_on": [
                        "aws_network_interface.bastion"
                    ],
                    "primary": {
                        "id": "ed616edc0f66166055690b16786c627238717ec4fad195afc98d10f51a32f481",
                        "attributes": {
                            "id": "ed616edc0f66166055690b16786c627238717ec4fad195afc98d10f51a32f481",
                            "rendered": "#!/bin/bash\n\ndeclare -r instance_id=$(curl -s http://169.254.169.254/latest/meta-data/instance-id)\ndeclare -r bi=10.127.50.7\ndeclare -r bastion_gw=\"${bi%.*}.1\"\n\nfunction_prep() {\n    # Get pip for awscli\n    yum install -y epel-release\n    yum install -y python-pip\n    pip install awscli\n}\n\nfunction_eni() {\n    # Attached the ENI to the Bastion instance\n    /usr/bin/aws ec2 attach-network-interface   --region us-east-1 \\\n                                                --network-interface-id eni-f3433b52 \\\n                                                --instance-id $instance_id \\\n                                                --device-index 1\n\n    # Give the ENI some time to get an IP and attach correctly\n    sleep 30\n}\n\nfunction_network() {\n    # Make eth1 the default route, set eth0 off, and set eth1 on, then restart the network\n    cat \u003c\u003cEOF \u003e /etc/sysconfig/network\nNETWORKING=yes\nNOZEROCONF=yes\nGATEWAY=$bastion_gw\nGATEWAYDEV=eth1\nEOF\n\n    cat \u003c\u003cEOF \u003e /etc/sysconfig/network-scripts/ifcfg-eth0\nDEVICE=\"eth0\"\nONBOOT=\"no\"\nEOF\n\n    cat \u003c\u003cEOF \u003e /etc/sysconfig/network-scripts/ifcfg-eth1\nDEVICE=eth1\nBOOTPROTO=static\nDHCPCLASS=\nIPADDR=10.127.50.7\nNETMASK=255.255.255.224\nONBOOT=yes\nEOF\n\n    systemctl restart network\n}\n\nfunction_nexus() {\n    # URL redirect fails without this entry\n    echo \"10.10.100.155 nexus-int.eng.jiveland.com\" \u003e\u003e /etc/hosts\n\n    # Script to download Ansible artifact from Nexus\n    cat \u003c\u003c'EOF' \u003e /tmp/get_nexus_artifact.sh\n#!/bin/bash\n# Argument = -h -v -i groupId:artifactId:version -c classifier -p packaging -r repository\n\n# Define Nexus Configuration\nNEXUS_BASE=nexus-int.eng.jiveland.com\nREST_PATH=/service/local\nART_REDIR=/artifact/maven/redirect\n\n# Read in Complete Set of Coordinates from the Command Line\nGROUP_ID=\nARTIFACT_ID=\nVERSION=\"LATEST\"\nCLASSIFIER=\"\"\nPACKAGING=tar.gz\nREPO=\"candidates\"\nVERBOSE=0\n\nwhile getopts \"hvi:c:p:\" OPTION\ndo\n     case $OPTION in\n         h)\n             usage\n             exit 1\n             ;;\n         i)\n\t     OIFS=$IFS\n             IFS=\":\"\n\t     GAV_COORD=( $OPTARG )\n\t     GROUP_ID=${GAV_COORD[0]}\n             ARTIFACT_ID=${GAV_COORD[1]}\n             VERSION=${GAV_COORD[2]}\n\t     IFS=$OIFS\n             ;;\n         c)\n             CLASSIFIER=$OPTARG\n             ;;\n         p)\n             PACKAGING=$OPTARG\n             ;;\n         v)\n             VERBOSE=1\n             ;;\n         ?)\n             usage\n             exit\n             ;;\n     esac\ndone\n\nif [[ -z $GROUP_ID ]] || [[ -z $ARTIFACT_ID ]] || [[ -z $VERSION ]]\nthen\n     echo \"BAD ARGUMENTS: Either groupId, artifactId, or version was not supplied\" \u003e\u00262\n     usage\n     exit 1\nfi\n\n# Construct the base URL\nREDIRECT_URL=${NEXUS_BASE}${REST_PATH}${ART_REDIR}\n\n# Generate the list of parameters\nPARAM_KEYS=( g a v r p c )\nPARAM_VALUES=( $GROUP_ID $ARTIFACT_ID $VERSION $REPO $PACKAGING $CLASSIFIER )\nPARAMS=\"\"\nfor index in ${!PARAM_KEYS[*]}\ndo\n  if [[ ${PARAM_VALUES[$index]} != \"\" ]]\n  then\n    PARAMS=\"${PARAMS}${PARAM_KEYS[$index]}=${PARAM_VALUES[$index]}\u0026\"\n  fi\ndone\n\nREDIRECT_URL=\"${REDIRECT_URL}?${PARAMS}\"\n\necho \"Fetching Artifact from $REDIRECT_URL...\" \u003e\u00262\ncurl -sS -L ${REDIRECT_URL}\nEOF\n    # Run script to download latest Ansible artifact and unpack\n    chmod +x /tmp/get_nexus_artifact.sh\n    /tmp/get_nexus_artifact.sh -i com.jivesoftware.techops:ansible-common:LATEST \u003e /tmp/ansible-common.tar.gz\n}\n\nfunction_ansible() {\n    # Need Sudo TTY\n    sed -i s/'Defaults    requiretty'/'#Defaults    requiretty'/ /etc/sudoers\n    # Disable SELINUX for SSSD\n    sed -i 's/^SELINUX=.*/SELINUX=disabled/' /etc/selinux/config\n    # Create Ansible working directories\n    mkdir -p /tmp/ansible-common\n    tar xf /tmp/ansible-common.tar.gz -C /tmp/ansible-common/\n    # Set Python to 2.6 and run Ansible locally\n    alternatives --set python /usr/bin/python2.6\n    yum install -y python-boto ansible\n\n    # Run Ansible\n    /tmp/ansible-common/bin/run_ansible.sh /tmp/ansible-common/playbook-bastion.yml -e region=us-east-1 --connection=local -i /tmp/ansible-common/inventory_ec2/ \u003e\u003e /tmp/ansible-common/ansible_debug.log\n\n    # Change permissions on Ansible artifact so that ansible deploy pipeline\n    # can overwrite them in the future\n    chown -R ansible:service-users /tmp/ansible-common /tmp/ansible-common.tar.gz\n}\n\nfunction_restart() {\n    # Need to restart for SELINUX change.\n    shutdown -r now\n}\n\n# Run the things\nfunction_prep\nfunction_eni\nfunction_network\nfunction_nexus\nfunction_ansible\nfunction_restart\n",
                            "template": "#!/bin/bash\n\ndeclare -r instance_id=$(curl -s http://169.254.169.254/latest/meta-data/instance-id)\ndeclare -r bi=${bastion_ip}\ndeclare -r bastion_gw=\"$${bi%.*}.1\"\n\nfunction_prep() {\n    # Get pip for awscli\n    yum install -y epel-release\n    yum install -y python-pip\n    pip install awscli\n}\n\nfunction_eni() {\n    # Attached the ENI to the Bastion instance\n    /usr/bin/aws ec2 attach-network-interface   --region ${region} \\\n                                                --network-interface-id ${eni} \\\n                                                --instance-id $instance_id \\\n                                                --device-index 1\n\n    # Give the ENI some time to get an IP and attach correctly\n    sleep 30\n}\n\nfunction_network() {\n    # Make eth1 the default route, set eth0 off, and set eth1 on, then restart the network\n    cat \u003c\u003cEOF \u003e /etc/sysconfig/network\nNETWORKING=yes\nNOZEROCONF=yes\nGATEWAY=$bastion_gw\nGATEWAYDEV=eth1\nEOF\n\n    cat \u003c\u003cEOF \u003e /etc/sysconfig/network-scripts/ifcfg-eth0\nDEVICE=\"eth0\"\nONBOOT=\"no\"\nEOF\n\n    cat \u003c\u003cEOF \u003e /etc/sysconfig/network-scripts/ifcfg-eth1\nDEVICE=eth1\nBOOTPROTO=static\nDHCPCLASS=\nIPADDR=${bastion_ip}\nNETMASK=255.255.255.224\nONBOOT=yes\nEOF\n\n    systemctl restart network\n}\n\nfunction_nexus() {\n    # URL redirect fails without this entry\n    echo \"10.10.100.155 nexus-int.eng.jiveland.com\" \u003e\u003e /etc/hosts\n\n    # Script to download Ansible artifact from Nexus\n    cat \u003c\u003c'EOF' \u003e /tmp/get_nexus_artifact.sh\n#!/bin/bash\n# Argument = -h -v -i groupId:artifactId:version -c classifier -p packaging -r repository\n\n# Define Nexus Configuration\nNEXUS_BASE=nexus-int.eng.jiveland.com\nREST_PATH=/service/local\nART_REDIR=/artifact/maven/redirect\n\n# Read in Complete Set of Coordinates from the Command Line\nGROUP_ID=\nARTIFACT_ID=\nVERSION=\"LATEST\"\nCLASSIFIER=\"\"\nPACKAGING=tar.gz\nREPO=\"candidates\"\nVERBOSE=0\n\nwhile getopts \"hvi:c:p:\" OPTION\ndo\n     case $OPTION in\n         h)\n             usage\n             exit 1\n             ;;\n         i)\n\t     OIFS=$IFS\n             IFS=\":\"\n\t     GAV_COORD=( $OPTARG )\n\t     GROUP_ID=$${GAV_COORD[0]}\n             ARTIFACT_ID=$${GAV_COORD[1]}\n             VERSION=$${GAV_COORD[2]}\n\t     IFS=$OIFS\n             ;;\n         c)\n             CLASSIFIER=$OPTARG\n             ;;\n         p)\n             PACKAGING=$OPTARG\n             ;;\n         v)\n             VERBOSE=1\n             ;;\n         ?)\n             usage\n             exit\n             ;;\n     esac\ndone\n\nif [[ -z $GROUP_ID ]] || [[ -z $ARTIFACT_ID ]] || [[ -z $VERSION ]]\nthen\n     echo \"BAD ARGUMENTS: Either groupId, artifactId, or version was not supplied\" \u003e\u00262\n     usage\n     exit 1\nfi\n\n# Construct the base URL\nREDIRECT_URL=$${NEXUS_BASE}$${REST_PATH}$${ART_REDIR}\n\n# Generate the list of parameters\nPARAM_KEYS=( g a v r p c )\nPARAM_VALUES=( $GROUP_ID $ARTIFACT_ID $VERSION $REPO $PACKAGING $CLASSIFIER )\nPARAMS=\"\"\nfor index in $${!PARAM_KEYS[*]}\ndo\n  if [[ $${PARAM_VALUES[$index]} != \"\" ]]\n  then\n    PARAMS=\"$${PARAMS}$${PARAM_KEYS[$index]}=$${PARAM_VALUES[$index]}\u0026\"\n  fi\ndone\n\nREDIRECT_URL=\"$${REDIRECT_URL}?$${PARAMS}\"\n\necho \"Fetching Artifact from $REDIRECT_URL...\" \u003e\u00262\ncurl -sS -L $${REDIRECT_URL}\nEOF\n    # Run script to download latest Ansible artifact and unpack\n    chmod +x /tmp/get_nexus_artifact.sh\n    /tmp/get_nexus_artifact.sh -i com.jivesoftware.techops:ansible-common:LATEST \u003e /tmp/ansible-common.tar.gz\n}\n\nfunction_ansible() {\n    # Need Sudo TTY\n    sed -i s/'Defaults    requiretty'/'#Defaults    requiretty'/ /etc/sudoers\n    # Disable SELINUX for SSSD\n    sed -i 's/^SELINUX=.*/SELINUX=disabled/' /etc/selinux/config\n    # Create Ansible working directories\n    mkdir -p /tmp/ansible-common\n    tar xf /tmp/ansible-common.tar.gz -C /tmp/ansible-common/\n    # Set Python to 2.6 and run Ansible locally\n    alternatives --set python /usr/bin/python2.6\n    yum install -y python-boto ansible\n\n    # Run Ansible\n    /tmp/ansible-common/bin/run_ansible.sh /tmp/ansible-common/playbook-bastion.yml -e region=${region} --connection=local -i /tmp/ansible-common/inventory_ec2/ \u003e\u003e /tmp/ansible-common/ansible_debug.log\n\n    # Change permissions on Ansible artifact so that ansible deploy pipeline\n    # can overwrite them in the future\n    chown -R ansible:service-users /tmp/ansible-common /tmp/ansible-common.tar.gz\n}\n\nfunction_restart() {\n    # Need to restart for SELINUX change.\n    shutdown -r now\n}\n\n# Run the things\nfunction_prep\nfunction_eni\nfunction_network\nfunction_nexus\nfunction_ansible\nfunction_restart\n",
                            "vars.%": "5",
                            "vars.account_name": "jive-reco-sandbox",
                            "vars.bastion_ip": "10.127.50.7",
                            "vars.eni": "eni-f3433b52",
                            "vars.pipeline_phase": "infra-pipeline",
                            "vars.region": "us-east-1"
                        },
                        "meta": {},
                        "tainted": false
                    },
                    "deposed": [],
                    "provider": ""
                }
            },
            "depends_on": []
        }
    ]
}
