{
    "version": 3,
    "terraform_version": "0.9.4",
    "serial": 20,
    "lineage": "a2a9a62f-c49e-44c0-8d1d-74e4a09220ec",
    "modules": [
        {
            "path": [
                "root"
            ],
            "outputs": {},
            "resources": {
                "aws_db_subnet_group.dbaas": {
                    "type": "aws_db_subnet_group",
                    "depends_on": [
                        "aws_subnet.natdc.*"
                    ],
                    "primary": {
                        "id": "data-dbaas-ms-pipeline-group",
                        "attributes": {
                            "arn": "arn:aws:rds:us-east-1:811034720611:subgrp:data-dbaas-ms-pipeline-group",
                            "description": "Managed by Horizon",
                            "id": "data-dbaas-ms-pipeline-group",
                            "name": "data-dbaas-ms-pipeline-group",
                            "subnet_ids.#": "5",
                            "subnet_ids.2131822842": "subnet-6d26c709",
                            "subnet_ids.2195640464": "subnet-2239736a",
                            "subnet_ids.2741055991": "subnet-b115168d",
                            "subnet_ids.3003894335": "subnet-85ba29a9",
                            "subnet_ids.69049090": "subnet-dd53d887",
                            "tags.%": "7",
                            "tags.Name": "data-dbaas2-ms-pipeline-group",
                            "tags.account_name": "jive-microservices-pipeline",
                            "tags.jive_service": "microservices",
                            "tags.pipeline_phase": "pipeline",
                            "tags.region": "us-east-1",
                            "tags.service_component": "microservices-dbaas",
                            "tags.sla": "non-prod"
                        },
                        "meta": {},
                        "tainted": false
                    },
                    "deposed": [],
                    "provider": ""
                },
                "aws_db_subnet_group.default_mako_service": {
                    "type": "aws_db_subnet_group",
                    "depends_on": [
                        "aws_subnet.natdc.*"
                    ],
                    "primary": {
                        "id": "default-mako-ms-pipeline-subnet-group",
                        "attributes": {
                            "arn": "arn:aws:rds:us-east-1:811034720611:subgrp:default-mako-ms-pipeline-subnet-group",
                            "description": "Managed by Horizon",
                            "id": "default-mako-ms-pipeline-subnet-group",
                            "name": "default-mako-ms-pipeline-subnet-group",
                            "subnet_ids.#": "5",
                            "subnet_ids.2131822842": "subnet-6d26c709",
                            "subnet_ids.2195640464": "subnet-2239736a",
                            "subnet_ids.2741055991": "subnet-b115168d",
                            "subnet_ids.3003894335": "subnet-85ba29a9",
                            "subnet_ids.69049090": "subnet-dd53d887",
                            "tags.%": "4",
                            "tags.Name": "default-mako-ms-pipeline-subnet-group",
                            "tags.account_name": "jive-microservices-pipeline",
                            "tags.region": "us-east-1",
                            "tags.sla": "non-prod"
                        },
                        "meta": {},
                        "tainted": false
                    },
                    "deposed": [],
                    "provider": ""
                },
                "aws_eip.natgw.0": {
                    "type": "aws_eip",
                    "depends_on": [],
                    "primary": {
                        "id": "eipalloc-005bb533",
                        "attributes": {
                            "association_id": "eipassoc-550c3467",
                            "domain": "vpc",
                            "id": "eipalloc-005bb533",
                            "instance": "",
                            "network_interface": "eni-dc4ce2cb",
                            "private_ip": "10.125.20.251",
                            "public_ip": "34.226.145.170",
                            "vpc": "true"
                        },
                        "meta": {},
                        "tainted": false
                    },
                    "deposed": [],
                    "provider": ""
                },
                "aws_eip.natgw.1": {
                    "type": "aws_eip",
                    "depends_on": [],
                    "primary": {
                        "id": "eipalloc-d659b7e5",
                        "attributes": {
                            "association_id": "eipassoc-8a043cb8",
                            "domain": "vpc",
                            "id": "eipalloc-d659b7e5",
                            "instance": "",
                            "network_interface": "eni-9b93f134",
                            "private_ip": "10.125.23.46",
                            "public_ip": "34.231.38.202",
                            "vpc": "true"
                        },
                        "meta": {},
                        "tainted": false
                    },
                    "deposed": [],
                    "provider": ""
                },
                "aws_eip.natgw.2": {
                    "type": "aws_eip",
                    "depends_on": [],
                    "primary": {
                        "id": "eipalloc-d559b7e6",
                        "attributes": {
                            "association_id": "eipassoc-2c0f371e",
                            "domain": "vpc",
                            "id": "eipalloc-d559b7e6",
                            "instance": "",
                            "network_interface": "eni-6ea0b1bd",
                            "private_ip": "10.125.24.45",
                            "public_ip": "34.203.21.32",
                            "vpc": "true"
                        },
                        "meta": {},
                        "tainted": false
                    },
                    "deposed": [],
                    "provider": ""
                },
                "aws_eip.natgw.3": {
                    "type": "aws_eip",
                    "depends_on": [],
                    "primary": {
                        "id": "eipalloc-075bb534",
                        "attributes": {
                            "association_id": "eipassoc-05023a37",
                            "domain": "vpc",
                            "id": "eipalloc-075bb534",
                            "instance": "",
                            "network_interface": "eni-79653ed0",
                            "private_ip": "10.125.26.169",
                            "public_ip": "34.230.248.207",
                            "vpc": "true"
                        },
                        "meta": {},
                        "tainted": false
                    },
                    "deposed": [],
                    "provider": ""
                },
                "aws_eip.natgw.4": {
                    "type": "aws_eip",
                    "depends_on": [],
                    "primary": {
                        "id": "eipalloc-ba54ba89",
                        "attributes": {
                            "association_id": "eipassoc-ed023adf",
                            "domain": "vpc",
                            "id": "eipalloc-ba54ba89",
                            "instance": "",
                            "network_interface": "eni-d4c624d4",
                            "private_ip": "10.125.28.12",
                            "public_ip": "34.200.144.60",
                            "vpc": "true"
                        },
                        "meta": {},
                        "tainted": false
                    },
                    "deposed": [],
                    "provider": ""
                },
                "aws_elasticache_subnet_group.default_mako_service": {
                    "type": "aws_elasticache_subnet_group",
                    "depends_on": [
                        "aws_subnet.natdc.*"
                    ],
                    "primary": {
                        "id": "default-mako-ms-pipeline-subnet-group",
                        "attributes": {
                            "description": "Managed by Horizon",
                            "id": "default-mako-ms-pipeline-subnet-group",
                            "name": "default-mako-ms-pipeline-subnet-group",
                            "subnet_ids.#": "5",
                            "subnet_ids.2131822842": "subnet-6d26c709",
                            "subnet_ids.2195640464": "subnet-2239736a",
                            "subnet_ids.2741055991": "subnet-b115168d",
                            "subnet_ids.3003894335": "subnet-85ba29a9",
                            "subnet_ids.69049090": "subnet-dd53d887"
                        },
                        "meta": {},
                        "tainted": false
                    },
                    "deposed": [],
                    "provider": ""
                },
                "aws_internet_gateway.igw": {
                    "type": "aws_internet_gateway",
                    "depends_on": [
                        "aws_vpc.main"
                    ],
                    "primary": {
                        "id": "igw-ccc38aaa",
                        "attributes": {
                            "id": "igw-ccc38aaa",
                            "tags.%": "5",
                            "tags.Name": "pipeline-igw",
                            "tags.account_name": "jive-microservices-pipeline",
                            "tags.pipeline_phase": "pipeline",
                            "tags.region": "us-east-1",
                            "tags.sla": "non-prod",
                            "vpc_id": "vpc-e942d990"
                        },
                        "meta": {},
                        "tainted": false
                    },
                    "deposed": [],
                    "provider": ""
                },
                "aws_nat_gateway.natgw.0": {
                    "type": "aws_nat_gateway",
                    "depends_on": [
                        "aws_eip.natgw.*",
                        "aws_internet_gateway.igw",
                        "aws_subnet.public.*"
                    ],
                    "primary": {
                        "id": "nat-06822c1540dc8fc3c",
                        "attributes": {
                            "allocation_id": "eipalloc-005bb533",
                            "id": "nat-06822c1540dc8fc3c",
                            "network_interface_id": "eni-dc4ce2cb",
                            "private_ip": "10.125.20.251",
                            "public_ip": "34.226.145.170",
                            "subnet_id": "subnet-3220c156"
                        },
                        "meta": {},
                        "tainted": false
                    },
                    "deposed": [],
                    "provider": ""
                },
                "aws_nat_gateway.natgw.1": {
                    "type": "aws_nat_gateway",
                    "depends_on": [
                        "aws_eip.natgw.*",
                        "aws_internet_gateway.igw",
                        "aws_subnet.public.*"
                    ],
                    "primary": {
                        "id": "nat-03d3df042de6ec6ba",
                        "attributes": {
                            "allocation_id": "eipalloc-d659b7e5",
                            "id": "nat-03d3df042de6ec6ba",
                            "network_interface_id": "eni-9b93f134",
                            "private_ip": "10.125.23.46",
                            "public_ip": "34.231.38.202",
                            "subnet_id": "subnet-6abd2e46"
                        },
                        "meta": {},
                        "tainted": false
                    },
                    "deposed": [],
                    "provider": ""
                },
                "aws_nat_gateway.natgw.2": {
                    "type": "aws_nat_gateway",
                    "depends_on": [
                        "aws_eip.natgw.*",
                        "aws_internet_gateway.igw",
                        "aws_subnet.public.*"
                    ],
                    "primary": {
                        "id": "nat-0d3a40ab06b154642",
                        "attributes": {
                            "allocation_id": "eipalloc-d559b7e6",
                            "id": "nat-0d3a40ab06b154642",
                            "network_interface_id": "eni-6ea0b1bd",
                            "private_ip": "10.125.24.45",
                            "public_ip": "34.203.21.32",
                            "subnet_id": "subnet-5439731c"
                        },
                        "meta": {},
                        "tainted": false
                    },
                    "deposed": [],
                    "provider": ""
                },
                "aws_nat_gateway.natgw.3": {
                    "type": "aws_nat_gateway",
                    "depends_on": [
                        "aws_eip.natgw.*",
                        "aws_internet_gateway.igw",
                        "aws_subnet.public.*"
                    ],
                    "primary": {
                        "id": "nat-0811b8970f1ec150e",
                        "attributes": {
                            "allocation_id": "eipalloc-075bb534",
                            "id": "nat-0811b8970f1ec150e",
                            "network_interface_id": "eni-79653ed0",
                            "private_ip": "10.125.26.169",
                            "public_ip": "34.230.248.207",
                            "subnet_id": "subnet-9f52d9c5"
                        },
                        "meta": {},
                        "tainted": false
                    },
                    "deposed": [],
                    "provider": ""
                },
                "aws_nat_gateway.natgw.4": {
                    "type": "aws_nat_gateway",
                    "depends_on": [
                        "aws_eip.natgw.*",
                        "aws_internet_gateway.igw",
                        "aws_subnet.public.*"
                    ],
                    "primary": {
                        "id": "nat-0572264a85b168a01",
                        "attributes": {
                            "allocation_id": "eipalloc-ba54ba89",
                            "id": "nat-0572264a85b168a01",
                            "network_interface_id": "eni-d4c624d4",
                            "private_ip": "10.125.28.12",
                            "public_ip": "34.200.144.60",
                            "subnet_id": "subnet-f1080bcd"
                        },
                        "meta": {},
                        "tainted": false
                    },
                    "deposed": [],
                    "provider": ""
                },
                "aws_route.bastion_natdc.0": {
                    "type": "aws_route",
                    "depends_on": [
                        "aws_route_table.natdc.*",
                        "aws_vpc_peering_connection.infra"
                    ],
                    "primary": {
                        "id": "r-rtb-98476fe04030181944",
                        "attributes": {
                            "destination_cidr_block": "10.127.43.7/32",
                            "destination_prefix_list_id": "",
                            "egress_only_gateway_id": "",
                            "gateway_id": "",
                            "id": "r-rtb-98476fe04030181944",
                            "instance_id": "",
                            "instance_owner_id": "",
                            "nat_gateway_id": "",
                            "network_interface_id": "",
                            "origin": "CreateRoute",
                            "route_table_id": "rtb-98476fe0",
                            "state": "active",
                            "vpc_peering_connection_id": "pcx-e4e0908d"
                        },
                        "meta": {},
                        "tainted": false
                    },
                    "deposed": [],
                    "provider": ""
                },
                "aws_route.bastion_natdc.1": {
                    "type": "aws_route",
                    "depends_on": [
                        "aws_route_table.natdc.*",
                        "aws_vpc_peering_connection.infra"
                    ],
                    "primary": {
                        "id": "r-rtb-26466e5e4030181944",
                        "attributes": {
                            "destination_cidr_block": "10.127.43.7/32",
                            "destination_prefix_list_id": "",
                            "egress_only_gateway_id": "",
                            "gateway_id": "",
                            "id": "r-rtb-26466e5e4030181944",
                            "instance_id": "",
                            "instance_owner_id": "",
                            "nat_gateway_id": "",
                            "network_interface_id": "",
                            "origin": "CreateRoute",
                            "route_table_id": "rtb-26466e5e",
                            "state": "active",
                            "vpc_peering_connection_id": "pcx-e4e0908d"
                        },
                        "meta": {},
                        "tainted": false
                    },
                    "deposed": [],
                    "provider": ""
                },
                "aws_route.bastion_natdc.2": {
                    "type": "aws_route",
                    "depends_on": [
                        "aws_route_table.natdc.*",
                        "aws_vpc_peering_connection.infra"
                    ],
                    "primary": {
                        "id": "r-rtb-144c646c4030181944",
                        "attributes": {
                            "destination_cidr_block": "10.127.43.7/32",
                            "destination_prefix_list_id": "",
                            "egress_only_gateway_id": "",
                            "gateway_id": "",
                            "id": "r-rtb-144c646c4030181944",
                            "instance_id": "",
                            "instance_owner_id": "",
                            "nat_gateway_id": "",
                            "network_interface_id": "",
                            "origin": "CreateRoute",
                            "route_table_id": "rtb-144c646c",
                            "state": "active",
                            "vpc_peering_connection_id": "pcx-e4e0908d"
                        },
                        "meta": {},
                        "tainted": false
                    },
                    "deposed": [],
                    "provider": ""
                },
                "aws_route.bastion_natdc.3": {
                    "type": "aws_route",
                    "depends_on": [
                        "aws_route_table.natdc.*",
                        "aws_vpc_peering_connection.infra"
                    ],
                    "primary": {
                        "id": "r-rtb-8f4068f74030181944",
                        "attributes": {
                            "destination_cidr_block": "10.127.43.7/32",
                            "destination_prefix_list_id": "",
                            "egress_only_gateway_id": "",
                            "gateway_id": "",
                            "id": "r-rtb-8f4068f74030181944",
                            "instance_id": "",
                            "instance_owner_id": "",
                            "nat_gateway_id": "",
                            "network_interface_id": "",
                            "origin": "CreateRoute",
                            "route_table_id": "rtb-8f4068f7",
                            "state": "active",
                            "vpc_peering_connection_id": "pcx-e4e0908d"
                        },
                        "meta": {},
                        "tainted": false
                    },
                    "deposed": [],
                    "provider": ""
                },
                "aws_route.bastion_natdc.4": {
                    "type": "aws_route",
                    "depends_on": [
                        "aws_route_table.natdc.*",
                        "aws_vpc_peering_connection.infra"
                    ],
                    "primary": {
                        "id": "r-rtb-5c426a244030181944",
                        "attributes": {
                            "destination_cidr_block": "10.127.43.7/32",
                            "destination_prefix_list_id": "",
                            "egress_only_gateway_id": "",
                            "gateway_id": "",
                            "id": "r-rtb-5c426a244030181944",
                            "instance_id": "",
                            "instance_owner_id": "",
                            "nat_gateway_id": "",
                            "network_interface_id": "",
                            "origin": "CreateRoute",
                            "route_table_id": "rtb-5c426a24",
                            "state": "active",
                            "vpc_peering_connection_id": "pcx-e4e0908d"
                        },
                        "meta": {},
                        "tainted": false
                    },
                    "deposed": [],
                    "provider": ""
                },
                "aws_route.bastion_private": {
                    "type": "aws_route",
                    "depends_on": [
                        "aws_route_table.private",
                        "aws_vpc_peering_connection.infra"
                    ],
                    "primary": {
                        "id": "r-rtb-734a620b4030181944",
                        "attributes": {
                            "destination_cidr_block": "10.127.43.7/32",
                            "destination_prefix_list_id": "",
                            "egress_only_gateway_id": "",
                            "gateway_id": "",
                            "id": "r-rtb-734a620b4030181944",
                            "instance_id": "",
                            "instance_owner_id": "",
                            "nat_gateway_id": "",
                            "network_interface_id": "",
                            "origin": "CreateRoute",
                            "route_table_id": "rtb-734a620b",
                            "state": "active",
                            "vpc_peering_connection_id": "pcx-e4e0908d"
                        },
                        "meta": {},
                        "tainted": false
                    },
                    "deposed": [],
                    "provider": ""
                },
                "aws_route.bastion_public": {
                    "type": "aws_route",
                    "depends_on": [
                        "aws_route_table.public",
                        "aws_vpc_peering_connection.infra"
                    ],
                    "primary": {
                        "id": "r-rtb-c64f67be4030181944",
                        "attributes": {
                            "destination_cidr_block": "10.127.43.7/32",
                            "destination_prefix_list_id": "",
                            "egress_only_gateway_id": "",
                            "gateway_id": "",
                            "id": "r-rtb-c64f67be4030181944",
                            "instance_id": "",
                            "instance_owner_id": "",
                            "nat_gateway_id": "",
                            "network_interface_id": "",
                            "origin": "CreateRoute",
                            "route_table_id": "rtb-c64f67be",
                            "state": "active",
                            "vpc_peering_connection_id": "pcx-e4e0908d"
                        },
                        "meta": {},
                        "tainted": false
                    },
                    "deposed": [],
                    "provider": ""
                },
                "aws_route.data_integ_vpc_natdc.0": {
                    "type": "aws_route",
                    "depends_on": [
                        "aws_route_table.natdc.*",
                        "aws_vpc_peering_connection.data_integ"
                    ],
                    "primary": {
                        "id": "r-rtb-98476fe0736253144",
                        "attributes": {
                            "destination_cidr_block": "10.123.16.0/22",
                            "destination_prefix_list_id": "",
                            "egress_only_gateway_id": "",
                            "gateway_id": "",
                            "id": "r-rtb-98476fe0736253144",
                            "instance_id": "",
                            "instance_owner_id": "",
                            "nat_gateway_id": "",
                            "network_interface_id": "",
                            "origin": "CreateRoute",
                            "route_table_id": "rtb-98476fe0",
                            "state": "active",
                            "vpc_peering_connection_id": "pcx-56e6953f"
                        },
                        "meta": {},
                        "tainted": false
                    },
                    "deposed": [],
                    "provider": ""
                },
                "aws_route.data_integ_vpc_natdc.1": {
                    "type": "aws_route",
                    "depends_on": [
                        "aws_route_table.natdc.*",
                        "aws_vpc_peering_connection.data_integ"
                    ],
                    "primary": {
                        "id": "r-rtb-26466e5e736253144",
                        "attributes": {
                            "destination_cidr_block": "10.123.16.0/22",
                            "destination_prefix_list_id": "",
                            "egress_only_gateway_id": "",
                            "gateway_id": "",
                            "id": "r-rtb-26466e5e736253144",
                            "instance_id": "",
                            "instance_owner_id": "",
                            "nat_gateway_id": "",
                            "network_interface_id": "",
                            "origin": "CreateRoute",
                            "route_table_id": "rtb-26466e5e",
                            "state": "active",
                            "vpc_peering_connection_id": "pcx-56e6953f"
                        },
                        "meta": {},
                        "tainted": false
                    },
                    "deposed": [],
                    "provider": ""
                },
                "aws_route.data_integ_vpc_natdc.2": {
                    "type": "aws_route",
                    "depends_on": [
                        "aws_route_table.natdc.*",
                        "aws_vpc_peering_connection.data_integ"
                    ],
                    "primary": {
                        "id": "r-rtb-144c646c736253144",
                        "attributes": {
                            "destination_cidr_block": "10.123.16.0/22",
                            "destination_prefix_list_id": "",
                            "egress_only_gateway_id": "",
                            "gateway_id": "",
                            "id": "r-rtb-144c646c736253144",
                            "instance_id": "",
                            "instance_owner_id": "",
                            "nat_gateway_id": "",
                            "network_interface_id": "",
                            "origin": "CreateRoute",
                            "route_table_id": "rtb-144c646c",
                            "state": "active",
                            "vpc_peering_connection_id": "pcx-56e6953f"
                        },
                        "meta": {},
                        "tainted": false
                    },
                    "deposed": [],
                    "provider": ""
                },
                "aws_route.data_integ_vpc_natdc.3": {
                    "type": "aws_route",
                    "depends_on": [
                        "aws_route_table.natdc.*",
                        "aws_vpc_peering_connection.data_integ"
                    ],
                    "primary": {
                        "id": "r-rtb-8f4068f7736253144",
                        "attributes": {
                            "destination_cidr_block": "10.123.16.0/22",
                            "destination_prefix_list_id": "",
                            "egress_only_gateway_id": "",
                            "gateway_id": "",
                            "id": "r-rtb-8f4068f7736253144",
                            "instance_id": "",
                            "instance_owner_id": "",
                            "nat_gateway_id": "",
                            "network_interface_id": "",
                            "origin": "CreateRoute",
                            "route_table_id": "rtb-8f4068f7",
                            "state": "active",
                            "vpc_peering_connection_id": "pcx-56e6953f"
                        },
                        "meta": {},
                        "tainted": false
                    },
                    "deposed": [],
                    "provider": ""
                },
                "aws_route.data_integ_vpc_natdc.4": {
                    "type": "aws_route",
                    "depends_on": [
                        "aws_route_table.natdc.*",
                        "aws_vpc_peering_connection.data_integ"
                    ],
                    "primary": {
                        "id": "r-rtb-5c426a24736253144",
                        "attributes": {
                            "destination_cidr_block": "10.123.16.0/22",
                            "destination_prefix_list_id": "",
                            "egress_only_gateway_id": "",
                            "gateway_id": "",
                            "id": "r-rtb-5c426a24736253144",
                            "instance_id": "",
                            "instance_owner_id": "",
                            "nat_gateway_id": "",
                            "network_interface_id": "",
                            "origin": "CreateRoute",
                            "route_table_id": "rtb-5c426a24",
                            "state": "active",
                            "vpc_peering_connection_id": "pcx-56e6953f"
                        },
                        "meta": {},
                        "tainted": false
                    },
                    "deposed": [],
                    "provider": ""
                },
                "aws_route.data_integ_vpc_private": {
                    "type": "aws_route",
                    "depends_on": [
                        "aws_route_table.private",
                        "aws_vpc_peering_connection.data_integ"
                    ],
                    "primary": {
                        "id": "r-rtb-734a620b736253144",
                        "attributes": {
                            "destination_cidr_block": "10.123.16.0/22",
                            "destination_prefix_list_id": "",
                            "egress_only_gateway_id": "",
                            "gateway_id": "",
                            "id": "r-rtb-734a620b736253144",
                            "instance_id": "",
                            "instance_owner_id": "",
                            "nat_gateway_id": "",
                            "network_interface_id": "",
                            "origin": "CreateRoute",
                            "route_table_id": "rtb-734a620b",
                            "state": "active",
                            "vpc_peering_connection_id": "pcx-56e6953f"
                        },
                        "meta": {},
                        "tainted": false
                    },
                    "deposed": [],
                    "provider": ""
                },
                "aws_route.data_integ_vpc_public": {
                    "type": "aws_route",
                    "depends_on": [
                        "aws_route_table.public",
                        "aws_vpc_peering_connection.data_integ"
                    ],
                    "primary": {
                        "id": "r-rtb-c64f67be736253144",
                        "attributes": {
                            "destination_cidr_block": "10.123.16.0/22",
                            "destination_prefix_list_id": "",
                            "egress_only_gateway_id": "",
                            "gateway_id": "",
                            "id": "r-rtb-c64f67be736253144",
                            "instance_id": "",
                            "instance_owner_id": "",
                            "nat_gateway_id": "",
                            "network_interface_id": "",
                            "origin": "CreateRoute",
                            "route_table_id": "rtb-c64f67be",
                            "state": "active",
                            "vpc_peering_connection_id": "pcx-56e6953f"
                        },
                        "meta": {},
                        "tainted": false
                    },
                    "deposed": [],
                    "provider": ""
                },
                "aws_route.data_release_vpc_natdc.0": {
                    "type": "aws_route",
                    "depends_on": [
                        "aws_route_table.natdc.*",
                        "aws_vpc_peering_connection.data_release"
                    ],
                    "primary": {
                        "id": "r-rtb-98476fe01472393038",
                        "attributes": {
                            "destination_cidr_block": "10.123.24.0/22",
                            "destination_prefix_list_id": "",
                            "egress_only_gateway_id": "",
                            "gateway_id": "",
                            "id": "r-rtb-98476fe01472393038",
                            "instance_id": "",
                            "instance_owner_id": "",
                            "nat_gateway_id": "",
                            "network_interface_id": "",
                            "origin": "CreateRoute",
                            "route_table_id": "rtb-98476fe0",
                            "state": "active",
                            "vpc_peering_connection_id": "pcx-57e6953e"
                        },
                        "meta": {},
                        "tainted": false
                    },
                    "deposed": [],
                    "provider": ""
                },
                "aws_route.data_release_vpc_natdc.1": {
                    "type": "aws_route",
                    "depends_on": [
                        "aws_route_table.natdc.*",
                        "aws_vpc_peering_connection.data_release"
                    ],
                    "primary": {
                        "id": "r-rtb-26466e5e1472393038",
                        "attributes": {
                            "destination_cidr_block": "10.123.24.0/22",
                            "destination_prefix_list_id": "",
                            "egress_only_gateway_id": "",
                            "gateway_id": "",
                            "id": "r-rtb-26466e5e1472393038",
                            "instance_id": "",
                            "instance_owner_id": "",
                            "nat_gateway_id": "",
                            "network_interface_id": "",
                            "origin": "CreateRoute",
                            "route_table_id": "rtb-26466e5e",
                            "state": "active",
                            "vpc_peering_connection_id": "pcx-57e6953e"
                        },
                        "meta": {},
                        "tainted": false
                    },
                    "deposed": [],
                    "provider": ""
                },
                "aws_route.data_release_vpc_natdc.2": {
                    "type": "aws_route",
                    "depends_on": [
                        "aws_route_table.natdc.*",
                        "aws_vpc_peering_connection.data_release"
                    ],
                    "primary": {
                        "id": "r-rtb-144c646c1472393038",
                        "attributes": {
                            "destination_cidr_block": "10.123.24.0/22",
                            "destination_prefix_list_id": "",
                            "egress_only_gateway_id": "",
                            "gateway_id": "",
                            "id": "r-rtb-144c646c1472393038",
                            "instance_id": "",
                            "instance_owner_id": "",
                            "nat_gateway_id": "",
                            "network_interface_id": "",
                            "origin": "CreateRoute",
                            "route_table_id": "rtb-144c646c",
                            "state": "active",
                            "vpc_peering_connection_id": "pcx-57e6953e"
                        },
                        "meta": {},
                        "tainted": false
                    },
                    "deposed": [],
                    "provider": ""
                },
                "aws_route.data_release_vpc_natdc.3": {
                    "type": "aws_route",
                    "depends_on": [
                        "aws_route_table.natdc.*",
                        "aws_vpc_peering_connection.data_release"
                    ],
                    "primary": {
                        "id": "r-rtb-8f4068f71472393038",
                        "attributes": {
                            "destination_cidr_block": "10.123.24.0/22",
                            "destination_prefix_list_id": "",
                            "egress_only_gateway_id": "",
                            "gateway_id": "",
                            "id": "r-rtb-8f4068f71472393038",
                            "instance_id": "",
                            "instance_owner_id": "",
                            "nat_gateway_id": "",
                            "network_interface_id": "",
                            "origin": "CreateRoute",
                            "route_table_id": "rtb-8f4068f7",
                            "state": "active",
                            "vpc_peering_connection_id": "pcx-57e6953e"
                        },
                        "meta": {},
                        "tainted": false
                    },
                    "deposed": [],
                    "provider": ""
                },
                "aws_route.data_release_vpc_natdc.4": {
                    "type": "aws_route",
                    "depends_on": [
                        "aws_route_table.natdc.*",
                        "aws_vpc_peering_connection.data_release"
                    ],
                    "primary": {
                        "id": "r-rtb-5c426a241472393038",
                        "attributes": {
                            "destination_cidr_block": "10.123.24.0/22",
                            "destination_prefix_list_id": "",
                            "egress_only_gateway_id": "",
                            "gateway_id": "",
                            "id": "r-rtb-5c426a241472393038",
                            "instance_id": "",
                            "instance_owner_id": "",
                            "nat_gateway_id": "",
                            "network_interface_id": "",
                            "origin": "CreateRoute",
                            "route_table_id": "rtb-5c426a24",
                            "state": "active",
                            "vpc_peering_connection_id": "pcx-57e6953e"
                        },
                        "meta": {},
                        "tainted": false
                    },
                    "deposed": [],
                    "provider": ""
                },
                "aws_route.data_release_vpc_private": {
                    "type": "aws_route",
                    "depends_on": [
                        "aws_route_table.private",
                        "aws_vpc_peering_connection.data_release"
                    ],
                    "primary": {
                        "id": "r-rtb-734a620b1472393038",
                        "attributes": {
                            "destination_cidr_block": "10.123.24.0/22",
                            "destination_prefix_list_id": "",
                            "egress_only_gateway_id": "",
                            "gateway_id": "",
                            "id": "r-rtb-734a620b1472393038",
                            "instance_id": "",
                            "instance_owner_id": "",
                            "nat_gateway_id": "",
                            "network_interface_id": "",
                            "origin": "CreateRoute",
                            "route_table_id": "rtb-734a620b",
                            "state": "active",
                            "vpc_peering_connection_id": "pcx-57e6953e"
                        },
                        "meta": {},
                        "tainted": false
                    },
                    "deposed": [],
                    "provider": ""
                },
                "aws_route.data_release_vpc_public": {
                    "type": "aws_route",
                    "depends_on": [
                        "aws_route_table.public",
                        "aws_vpc_peering_connection.data_release"
                    ],
                    "primary": {
                        "id": "r-rtb-c64f67be1472393038",
                        "attributes": {
                            "destination_cidr_block": "10.123.24.0/22",
                            "destination_prefix_list_id": "",
                            "egress_only_gateway_id": "",
                            "gateway_id": "",
                            "id": "r-rtb-c64f67be1472393038",
                            "instance_id": "",
                            "instance_owner_id": "",
                            "nat_gateway_id": "",
                            "network_interface_id": "",
                            "origin": "CreateRoute",
                            "route_table_id": "rtb-c64f67be",
                            "state": "active",
                            "vpc_peering_connection_id": "pcx-57e6953e"
                        },
                        "meta": {},
                        "tainted": false
                    },
                    "deposed": [],
                    "provider": ""
                },
                "aws_route.data_test_vpc_natdc.0": {
                    "type": "aws_route",
                    "depends_on": [
                        "aws_route_table.natdc.*",
                        "aws_vpc_peering_connection.data_test"
                    ],
                    "primary": {
                        "id": "r-rtb-98476fe03428035928",
                        "attributes": {
                            "destination_cidr_block": "10.123.20.0/22",
                            "destination_prefix_list_id": "",
                            "egress_only_gateway_id": "",
                            "gateway_id": "",
                            "id": "r-rtb-98476fe03428035928",
                            "instance_id": "",
                            "instance_owner_id": "",
                            "nat_gateway_id": "",
                            "network_interface_id": "",
                            "origin": "CreateRoute",
                            "route_table_id": "rtb-98476fe0",
                            "state": "active",
                            "vpc_peering_connection_id": "pcx-d2ed9ebb"
                        },
                        "meta": {},
                        "tainted": false
                    },
                    "deposed": [],
                    "provider": ""
                },
                "aws_route.data_test_vpc_natdc.1": {
                    "type": "aws_route",
                    "depends_on": [
                        "aws_route_table.natdc.*",
                        "aws_vpc_peering_connection.data_test"
                    ],
                    "primary": {
                        "id": "r-rtb-26466e5e3428035928",
                        "attributes": {
                            "destination_cidr_block": "10.123.20.0/22",
                            "destination_prefix_list_id": "",
                            "egress_only_gateway_id": "",
                            "gateway_id": "",
                            "id": "r-rtb-26466e5e3428035928",
                            "instance_id": "",
                            "instance_owner_id": "",
                            "nat_gateway_id": "",
                            "network_interface_id": "",
                            "origin": "CreateRoute",
                            "route_table_id": "rtb-26466e5e",
                            "state": "active",
                            "vpc_peering_connection_id": "pcx-d2ed9ebb"
                        },
                        "meta": {},
                        "tainted": false
                    },
                    "deposed": [],
                    "provider": ""
                },
                "aws_route.data_test_vpc_natdc.2": {
                    "type": "aws_route",
                    "depends_on": [
                        "aws_route_table.natdc.*",
                        "aws_vpc_peering_connection.data_test"
                    ],
                    "primary": {
                        "id": "r-rtb-144c646c3428035928",
                        "attributes": {
                            "destination_cidr_block": "10.123.20.0/22",
                            "destination_prefix_list_id": "",
                            "egress_only_gateway_id": "",
                            "gateway_id": "",
                            "id": "r-rtb-144c646c3428035928",
                            "instance_id": "",
                            "instance_owner_id": "",
                            "nat_gateway_id": "",
                            "network_interface_id": "",
                            "origin": "CreateRoute",
                            "route_table_id": "rtb-144c646c",
                            "state": "active",
                            "vpc_peering_connection_id": "pcx-d2ed9ebb"
                        },
                        "meta": {},
                        "tainted": false
                    },
                    "deposed": [],
                    "provider": ""
                },
                "aws_route.data_test_vpc_natdc.3": {
                    "type": "aws_route",
                    "depends_on": [
                        "aws_route_table.natdc.*",
                        "aws_vpc_peering_connection.data_test"
                    ],
                    "primary": {
                        "id": "r-rtb-8f4068f73428035928",
                        "attributes": {
                            "destination_cidr_block": "10.123.20.0/22",
                            "destination_prefix_list_id": "",
                            "egress_only_gateway_id": "",
                            "gateway_id": "",
                            "id": "r-rtb-8f4068f73428035928",
                            "instance_id": "",
                            "instance_owner_id": "",
                            "nat_gateway_id": "",
                            "network_interface_id": "",
                            "origin": "CreateRoute",
                            "route_table_id": "rtb-8f4068f7",
                            "state": "active",
                            "vpc_peering_connection_id": "pcx-d2ed9ebb"
                        },
                        "meta": {},
                        "tainted": false
                    },
                    "deposed": [],
                    "provider": ""
                },
                "aws_route.data_test_vpc_natdc.4": {
                    "type": "aws_route",
                    "depends_on": [
                        "aws_route_table.natdc.*",
                        "aws_vpc_peering_connection.data_test"
                    ],
                    "primary": {
                        "id": "r-rtb-5c426a243428035928",
                        "attributes": {
                            "destination_cidr_block": "10.123.20.0/22",
                            "destination_prefix_list_id": "",
                            "egress_only_gateway_id": "",
                            "gateway_id": "",
                            "id": "r-rtb-5c426a243428035928",
                            "instance_id": "",
                            "instance_owner_id": "",
                            "nat_gateway_id": "",
                            "network_interface_id": "",
                            "origin": "CreateRoute",
                            "route_table_id": "rtb-5c426a24",
                            "state": "active",
                            "vpc_peering_connection_id": "pcx-d2ed9ebb"
                        },
                        "meta": {},
                        "tainted": false
                    },
                    "deposed": [],
                    "provider": ""
                },
                "aws_route.data_test_vpc_private": {
                    "type": "aws_route",
                    "depends_on": [
                        "aws_route_table.private",
                        "aws_vpc_peering_connection.data_test"
                    ],
                    "primary": {
                        "id": "r-rtb-734a620b3428035928",
                        "attributes": {
                            "destination_cidr_block": "10.123.20.0/22",
                            "destination_prefix_list_id": "",
                            "egress_only_gateway_id": "",
                            "gateway_id": "",
                            "id": "r-rtb-734a620b3428035928",
                            "instance_id": "",
                            "instance_owner_id": "",
                            "nat_gateway_id": "",
                            "network_interface_id": "",
                            "origin": "CreateRoute",
                            "route_table_id": "rtb-734a620b",
                            "state": "active",
                            "vpc_peering_connection_id": "pcx-d2ed9ebb"
                        },
                        "meta": {},
                        "tainted": false
                    },
                    "deposed": [],
                    "provider": ""
                },
                "aws_route.data_test_vpc_public": {
                    "type": "aws_route",
                    "depends_on": [
                        "aws_route_table.public",
                        "aws_vpc_peering_connection.data_test"
                    ],
                    "primary": {
                        "id": "r-rtb-c64f67be3428035928",
                        "attributes": {
                            "destination_cidr_block": "10.123.20.0/22",
                            "destination_prefix_list_id": "",
                            "egress_only_gateway_id": "",
                            "gateway_id": "",
                            "id": "r-rtb-c64f67be3428035928",
                            "instance_id": "",
                            "instance_owner_id": "",
                            "nat_gateway_id": "",
                            "network_interface_id": "",
                            "origin": "CreateRoute",
                            "route_table_id": "rtb-c64f67be",
                            "state": "active",
                            "vpc_peering_connection_id": "pcx-d2ed9ebb"
                        },
                        "meta": {},
                        "tainted": false
                    },
                    "deposed": [],
                    "provider": ""
                },
                "aws_route.infra_natdc.0": {
                    "type": "aws_route",
                    "depends_on": [
                        "aws_vpc_peering_connection.infra"
                    ],
                    "primary": {
                        "id": "r-rtb-11c5ec693773308537",
                        "attributes": {
                            "destination_cidr_block": "10.125.0.0/19",
                            "destination_prefix_list_id": "",
                            "egress_only_gateway_id": "",
                            "gateway_id": "",
                            "id": "r-rtb-11c5ec693773308537",
                            "instance_id": "",
                            "instance_owner_id": "",
                            "nat_gateway_id": "",
                            "network_interface_id": "",
                            "origin": "CreateRoute",
                            "route_table_id": "rtb-11c5ec69",
                            "state": "active",
                            "vpc_peering_connection_id": "pcx-e4e0908d"
                        },
                        "meta": {},
                        "tainted": false
                    },
                    "deposed": [],
                    "provider": ""
                },
                "aws_route.infra_natdc.1": {
                    "type": "aws_route",
                    "depends_on": [
                        "aws_vpc_peering_connection.infra"
                    ],
                    "primary": {
                        "id": "r-rtb-13d9f06b3773308537",
                        "attributes": {
                            "destination_cidr_block": "10.125.0.0/19",
                            "destination_prefix_list_id": "",
                            "egress_only_gateway_id": "",
                            "gateway_id": "",
                            "id": "r-rtb-13d9f06b3773308537",
                            "instance_id": "",
                            "instance_owner_id": "",
                            "nat_gateway_id": "",
                            "network_interface_id": "",
                            "origin": "CreateRoute",
                            "route_table_id": "rtb-13d9f06b",
                            "state": "active",
                            "vpc_peering_connection_id": "pcx-e4e0908d"
                        },
                        "meta": {},
                        "tainted": false
                    },
                    "deposed": [],
                    "provider": ""
                },
                "aws_route.infra_natdc.2": {
                    "type": "aws_route",
                    "depends_on": [
                        "aws_vpc_peering_connection.infra"
                    ],
                    "primary": {
                        "id": "r-rtb-37dcf54f3773308537",
                        "attributes": {
                            "destination_cidr_block": "10.125.0.0/19",
                            "destination_prefix_list_id": "",
                            "egress_only_gateway_id": "",
                            "gateway_id": "",
                            "id": "r-rtb-37dcf54f3773308537",
                            "instance_id": "",
                            "instance_owner_id": "",
                            "nat_gateway_id": "",
                            "network_interface_id": "",
                            "origin": "CreateRoute",
                            "route_table_id": "rtb-37dcf54f",
                            "state": "active",
                            "vpc_peering_connection_id": "pcx-e4e0908d"
                        },
                        "meta": {},
                        "tainted": false
                    },
                    "deposed": [],
                    "provider": ""
                },
                "aws_route.infra_natdc.3": {
                    "type": "aws_route",
                    "depends_on": [
                        "aws_vpc_peering_connection.infra"
                    ],
                    "primary": {
                        "id": "r-rtb-12d9f06a3773308537",
                        "attributes": {
                            "destination_cidr_block": "10.125.0.0/19",
                            "destination_prefix_list_id": "",
                            "egress_only_gateway_id": "",
                            "gateway_id": "",
                            "id": "r-rtb-12d9f06a3773308537",
                            "instance_id": "",
                            "instance_owner_id": "",
                            "nat_gateway_id": "",
                            "network_interface_id": "",
                            "origin": "CreateRoute",
                            "route_table_id": "rtb-12d9f06a",
                            "state": "active",
                            "vpc_peering_connection_id": "pcx-e4e0908d"
                        },
                        "meta": {},
                        "tainted": false
                    },
                    "deposed": [],
                    "provider": ""
                },
                "aws_route.infra_natdc.4": {
                    "type": "aws_route",
                    "depends_on": [
                        "aws_vpc_peering_connection.infra"
                    ],
                    "primary": {
                        "id": "r-rtb-58d8f1203773308537",
                        "attributes": {
                            "destination_cidr_block": "10.125.0.0/19",
                            "destination_prefix_list_id": "",
                            "egress_only_gateway_id": "",
                            "gateway_id": "",
                            "id": "r-rtb-58d8f1203773308537",
                            "instance_id": "",
                            "instance_owner_id": "",
                            "nat_gateway_id": "",
                            "network_interface_id": "",
                            "origin": "CreateRoute",
                            "route_table_id": "rtb-58d8f120",
                            "state": "active",
                            "vpc_peering_connection_id": "pcx-e4e0908d"
                        },
                        "meta": {},
                        "tainted": false
                    },
                    "deposed": [],
                    "provider": ""
                },
                "aws_route.infra_private": {
                    "type": "aws_route",
                    "depends_on": [
                        "aws_vpc_peering_connection.infra"
                    ],
                    "primary": {
                        "id": "r-rtb-9cddf4e43773308537",
                        "attributes": {
                            "destination_cidr_block": "10.125.0.0/19",
                            "destination_prefix_list_id": "",
                            "egress_only_gateway_id": "",
                            "gateway_id": "",
                            "id": "r-rtb-9cddf4e43773308537",
                            "instance_id": "",
                            "instance_owner_id": "",
                            "nat_gateway_id": "",
                            "network_interface_id": "",
                            "origin": "CreateRoute",
                            "route_table_id": "rtb-9cddf4e4",
                            "state": "active",
                            "vpc_peering_connection_id": "pcx-e4e0908d"
                        },
                        "meta": {},
                        "tainted": false
                    },
                    "deposed": [],
                    "provider": ""
                },
                "aws_route.infra_public": {
                    "type": "aws_route",
                    "depends_on": [
                        "aws_vpc_peering_connection.infra"
                    ],
                    "primary": {
                        "id": "r-rtb-a3d8f1db3773308537",
                        "attributes": {
                            "destination_cidr_block": "10.125.0.0/19",
                            "destination_prefix_list_id": "",
                            "egress_only_gateway_id": "",
                            "gateway_id": "",
                            "id": "r-rtb-a3d8f1db3773308537",
                            "instance_id": "",
                            "instance_owner_id": "",
                            "nat_gateway_id": "",
                            "network_interface_id": "",
                            "origin": "CreateRoute",
                            "route_table_id": "rtb-a3d8f1db",
                            "state": "active",
                            "vpc_peering_connection_id": "pcx-e4e0908d"
                        },
                        "meta": {},
                        "tainted": false
                    },
                    "deposed": [],
                    "provider": ""
                },
                "aws_route.jcx_comp_vpc_natdc.0": {
                    "type": "aws_route",
                    "depends_on": [
                        "aws_route_table.natdc.*"
                    ],
                    "primary": {
                        "id": "r-rtb-98476fe02233008665",
                        "attributes": {
                            "destination_cidr_block": "10.125.96.0/20",
                            "destination_prefix_list_id": "",
                            "egress_only_gateway_id": "",
                            "gateway_id": "",
                            "id": "r-rtb-98476fe02233008665",
                            "instance_id": "",
                            "instance_owner_id": "",
                            "nat_gateway_id": "",
                            "network_interface_id": "",
                            "origin": "CreateRoute",
                            "route_table_id": "rtb-98476fe0",
                            "state": "active",
                            "vpc_peering_connection_id": "pcx-a0d3a0c9"
                        },
                        "meta": {},
                        "tainted": false
                    },
                    "deposed": [],
                    "provider": ""
                },
                "aws_route.jcx_comp_vpc_natdc.1": {
                    "type": "aws_route",
                    "depends_on": [
                        "aws_route_table.natdc.*"
                    ],
                    "primary": {
                        "id": "r-rtb-26466e5e2233008665",
                        "attributes": {
                            "destination_cidr_block": "10.125.96.0/20",
                            "destination_prefix_list_id": "",
                            "egress_only_gateway_id": "",
                            "gateway_id": "",
                            "id": "r-rtb-26466e5e2233008665",
                            "instance_id": "",
                            "instance_owner_id": "",
                            "nat_gateway_id": "",
                            "network_interface_id": "",
                            "origin": "CreateRoute",
                            "route_table_id": "rtb-26466e5e",
                            "state": "active",
                            "vpc_peering_connection_id": "pcx-a0d3a0c9"
                        },
                        "meta": {},
                        "tainted": false
                    },
                    "deposed": [],
                    "provider": ""
                },
                "aws_route.jcx_comp_vpc_natdc.2": {
                    "type": "aws_route",
                    "depends_on": [
                        "aws_route_table.natdc.*"
                    ],
                    "primary": {
                        "id": "r-rtb-144c646c2233008665",
                        "attributes": {
                            "destination_cidr_block": "10.125.96.0/20",
                            "destination_prefix_list_id": "",
                            "egress_only_gateway_id": "",
                            "gateway_id": "",
                            "id": "r-rtb-144c646c2233008665",
                            "instance_id": "",
                            "instance_owner_id": "",
                            "nat_gateway_id": "",
                            "network_interface_id": "",
                            "origin": "CreateRoute",
                            "route_table_id": "rtb-144c646c",
                            "state": "active",
                            "vpc_peering_connection_id": "pcx-a0d3a0c9"
                        },
                        "meta": {},
                        "tainted": false
                    },
                    "deposed": [],
                    "provider": ""
                },
                "aws_route.jcx_comp_vpc_natdc.3": {
                    "type": "aws_route",
                    "depends_on": [
                        "aws_route_table.natdc.*"
                    ],
                    "primary": {
                        "id": "r-rtb-8f4068f72233008665",
                        "attributes": {
                            "destination_cidr_block": "10.125.96.0/20",
                            "destination_prefix_list_id": "",
                            "egress_only_gateway_id": "",
                            "gateway_id": "",
                            "id": "r-rtb-8f4068f72233008665",
                            "instance_id": "",
                            "instance_owner_id": "",
                            "nat_gateway_id": "",
                            "network_interface_id": "",
                            "origin": "CreateRoute",
                            "route_table_id": "rtb-8f4068f7",
                            "state": "active",
                            "vpc_peering_connection_id": "pcx-a0d3a0c9"
                        },
                        "meta": {},
                        "tainted": false
                    },
                    "deposed": [],
                    "provider": ""
                },
                "aws_route.jcx_comp_vpc_natdc.4": {
                    "type": "aws_route",
                    "depends_on": [
                        "aws_route_table.natdc.*"
                    ],
                    "primary": {
                        "id": "r-rtb-5c426a242233008665",
                        "attributes": {
                            "destination_cidr_block": "10.125.96.0/20",
                            "destination_prefix_list_id": "",
                            "egress_only_gateway_id": "",
                            "gateway_id": "",
                            "id": "r-rtb-5c426a242233008665",
                            "instance_id": "",
                            "instance_owner_id": "",
                            "nat_gateway_id": "",
                            "network_interface_id": "",
                            "origin": "CreateRoute",
                            "route_table_id": "rtb-5c426a24",
                            "state": "active",
                            "vpc_peering_connection_id": "pcx-a0d3a0c9"
                        },
                        "meta": {},
                        "tainted": false
                    },
                    "deposed": [],
                    "provider": ""
                },
                "aws_route.jcx_comp_vpc_private": {
                    "type": "aws_route",
                    "depends_on": [
                        "aws_route_table.private"
                    ],
                    "primary": {
                        "id": "r-rtb-734a620b2233008665",
                        "attributes": {
                            "destination_cidr_block": "10.125.96.0/20",
                            "destination_prefix_list_id": "",
                            "egress_only_gateway_id": "",
                            "gateway_id": "",
                            "id": "r-rtb-734a620b2233008665",
                            "instance_id": "",
                            "instance_owner_id": "",
                            "nat_gateway_id": "",
                            "network_interface_id": "",
                            "origin": "CreateRoute",
                            "route_table_id": "rtb-734a620b",
                            "state": "active",
                            "vpc_peering_connection_id": "pcx-a0d3a0c9"
                        },
                        "meta": {},
                        "tainted": false
                    },
                    "deposed": [],
                    "provider": ""
                },
                "aws_route.jcx_comp_vpc_public": {
                    "type": "aws_route",
                    "depends_on": [
                        "aws_route_table.public"
                    ],
                    "primary": {
                        "id": "r-rtb-c64f67be2233008665",
                        "attributes": {
                            "destination_cidr_block": "10.125.96.0/20",
                            "destination_prefix_list_id": "",
                            "egress_only_gateway_id": "",
                            "gateway_id": "",
                            "id": "r-rtb-c64f67be2233008665",
                            "instance_id": "",
                            "instance_owner_id": "",
                            "nat_gateway_id": "",
                            "network_interface_id": "",
                            "origin": "CreateRoute",
                            "route_table_id": "rtb-c64f67be",
                            "state": "active",
                            "vpc_peering_connection_id": "pcx-a0d3a0c9"
                        },
                        "meta": {},
                        "tainted": false
                    },
                    "deposed": [],
                    "provider": ""
                },
                "aws_route.ms_pipeline_vpc_natdc.0": {
                    "type": "aws_route",
                    "depends_on": [
                        "aws_route_table.natdc.*"
                    ],
                    "primary": {
                        "id": "r-rtb-98476fe01818769564",
                        "attributes": {
                            "destination_cidr_block": "10.125.64.0/19",
                            "destination_prefix_list_id": "",
                            "egress_only_gateway_id": "",
                            "gateway_id": "",
                            "id": "r-rtb-98476fe01818769564",
                            "instance_id": "",
                            "instance_owner_id": "",
                            "nat_gateway_id": "",
                            "network_interface_id": "",
                            "origin": "CreateRoute",
                            "route_table_id": "rtb-98476fe0",
                            "state": "active",
                            "vpc_peering_connection_id": "pcx-a5e192cc"
                        },
                        "meta": {},
                        "tainted": false
                    },
                    "deposed": [],
                    "provider": ""
                },
                "aws_route.ms_pipeline_vpc_natdc.1": {
                    "type": "aws_route",
                    "depends_on": [
                        "aws_route_table.natdc.*"
                    ],
                    "primary": {
                        "id": "r-rtb-26466e5e1818769564",
                        "attributes": {
                            "destination_cidr_block": "10.125.64.0/19",
                            "destination_prefix_list_id": "",
                            "egress_only_gateway_id": "",
                            "gateway_id": "",
                            "id": "r-rtb-26466e5e1818769564",
                            "instance_id": "",
                            "instance_owner_id": "",
                            "nat_gateway_id": "",
                            "network_interface_id": "",
                            "origin": "CreateRoute",
                            "route_table_id": "rtb-26466e5e",
                            "state": "active",
                            "vpc_peering_connection_id": "pcx-a5e192cc"
                        },
                        "meta": {},
                        "tainted": false
                    },
                    "deposed": [],
                    "provider": ""
                },
                "aws_route.ms_pipeline_vpc_natdc.2": {
                    "type": "aws_route",
                    "depends_on": [
                        "aws_route_table.natdc.*"
                    ],
                    "primary": {
                        "id": "r-rtb-144c646c1818769564",
                        "attributes": {
                            "destination_cidr_block": "10.125.64.0/19",
                            "destination_prefix_list_id": "",
                            "egress_only_gateway_id": "",
                            "gateway_id": "",
                            "id": "r-rtb-144c646c1818769564",
                            "instance_id": "",
                            "instance_owner_id": "",
                            "nat_gateway_id": "",
                            "network_interface_id": "",
                            "origin": "CreateRoute",
                            "route_table_id": "rtb-144c646c",
                            "state": "active",
                            "vpc_peering_connection_id": "pcx-a5e192cc"
                        },
                        "meta": {},
                        "tainted": false
                    },
                    "deposed": [],
                    "provider": ""
                },
                "aws_route.ms_pipeline_vpc_natdc.3": {
                    "type": "aws_route",
                    "depends_on": [
                        "aws_route_table.natdc.*"
                    ],
                    "primary": {
                        "id": "r-rtb-8f4068f71818769564",
                        "attributes": {
                            "destination_cidr_block": "10.125.64.0/19",
                            "destination_prefix_list_id": "",
                            "egress_only_gateway_id": "",
                            "gateway_id": "",
                            "id": "r-rtb-8f4068f71818769564",
                            "instance_id": "",
                            "instance_owner_id": "",
                            "nat_gateway_id": "",
                            "network_interface_id": "",
                            "origin": "CreateRoute",
                            "route_table_id": "rtb-8f4068f7",
                            "state": "active",
                            "vpc_peering_connection_id": "pcx-a5e192cc"
                        },
                        "meta": {},
                        "tainted": false
                    },
                    "deposed": [],
                    "provider": ""
                },
                "aws_route.ms_pipeline_vpc_natdc.4": {
                    "type": "aws_route",
                    "depends_on": [
                        "aws_route_table.natdc.*"
                    ],
                    "primary": {
                        "id": "r-rtb-5c426a241818769564",
                        "attributes": {
                            "destination_cidr_block": "10.125.64.0/19",
                            "destination_prefix_list_id": "",
                            "egress_only_gateway_id": "",
                            "gateway_id": "",
                            "id": "r-rtb-5c426a241818769564",
                            "instance_id": "",
                            "instance_owner_id": "",
                            "nat_gateway_id": "",
                            "network_interface_id": "",
                            "origin": "CreateRoute",
                            "route_table_id": "rtb-5c426a24",
                            "state": "active",
                            "vpc_peering_connection_id": "pcx-a5e192cc"
                        },
                        "meta": {},
                        "tainted": false
                    },
                    "deposed": [],
                    "provider": ""
                },
                "aws_route.reco_integ_vpc_natdc.0": {
                    "type": "aws_route",
                    "depends_on": [
                        "aws_route_table.natdc.*",
                        "aws_vpc_peering_connection.reco_integ"
                    ],
                    "primary": {
                        "id": "r-rtb-98476fe01635062167",
                        "attributes": {
                            "destination_cidr_block": "10.126.16.0/22",
                            "destination_prefix_list_id": "",
                            "egress_only_gateway_id": "",
                            "gateway_id": "",
                            "id": "r-rtb-98476fe01635062167",
                            "instance_id": "",
                            "instance_owner_id": "",
                            "nat_gateway_id": "",
                            "network_interface_id": "",
                            "origin": "CreateRoute",
                            "route_table_id": "rtb-98476fe0",
                            "state": "active",
                            "vpc_peering_connection_id": "pcx-cb6516a2"
                        },
                        "meta": {},
                        "tainted": false
                    },
                    "deposed": [],
                    "provider": ""
                },
                "aws_route.reco_integ_vpc_natdc.1": {
                    "type": "aws_route",
                    "depends_on": [
                        "aws_route_table.natdc.*",
                        "aws_vpc_peering_connection.reco_integ"
                    ],
                    "primary": {
                        "id": "r-rtb-26466e5e1635062167",
                        "attributes": {
                            "destination_cidr_block": "10.126.16.0/22",
                            "destination_prefix_list_id": "",
                            "egress_only_gateway_id": "",
                            "gateway_id": "",
                            "id": "r-rtb-26466e5e1635062167",
                            "instance_id": "",
                            "instance_owner_id": "",
                            "nat_gateway_id": "",
                            "network_interface_id": "",
                            "origin": "CreateRoute",
                            "route_table_id": "rtb-26466e5e",
                            "state": "active",
                            "vpc_peering_connection_id": "pcx-cb6516a2"
                        },
                        "meta": {},
                        "tainted": false
                    },
                    "deposed": [],
                    "provider": ""
                },
                "aws_route.reco_integ_vpc_natdc.2": {
                    "type": "aws_route",
                    "depends_on": [
                        "aws_route_table.natdc.*",
                        "aws_vpc_peering_connection.reco_integ"
                    ],
                    "primary": {
                        "id": "r-rtb-144c646c1635062167",
                        "attributes": {
                            "destination_cidr_block": "10.126.16.0/22",
                            "destination_prefix_list_id": "",
                            "egress_only_gateway_id": "",
                            "gateway_id": "",
                            "id": "r-rtb-144c646c1635062167",
                            "instance_id": "",
                            "instance_owner_id": "",
                            "nat_gateway_id": "",
                            "network_interface_id": "",
                            "origin": "CreateRoute",
                            "route_table_id": "rtb-144c646c",
                            "state": "active",
                            "vpc_peering_connection_id": "pcx-cb6516a2"
                        },
                        "meta": {},
                        "tainted": false
                    },
                    "deposed": [],
                    "provider": ""
                },
                "aws_route.reco_integ_vpc_natdc.3": {
                    "type": "aws_route",
                    "depends_on": [
                        "aws_route_table.natdc.*",
                        "aws_vpc_peering_connection.reco_integ"
                    ],
                    "primary": {
                        "id": "r-rtb-8f4068f71635062167",
                        "attributes": {
                            "destination_cidr_block": "10.126.16.0/22",
                            "destination_prefix_list_id": "",
                            "egress_only_gateway_id": "",
                            "gateway_id": "",
                            "id": "r-rtb-8f4068f71635062167",
                            "instance_id": "",
                            "instance_owner_id": "",
                            "nat_gateway_id": "",
                            "network_interface_id": "",
                            "origin": "CreateRoute",
                            "route_table_id": "rtb-8f4068f7",
                            "state": "active",
                            "vpc_peering_connection_id": "pcx-cb6516a2"
                        },
                        "meta": {},
                        "tainted": false
                    },
                    "deposed": [],
                    "provider": ""
                },
                "aws_route.reco_integ_vpc_natdc.4": {
                    "type": "aws_route",
                    "depends_on": [
                        "aws_route_table.natdc.*",
                        "aws_vpc_peering_connection.reco_integ"
                    ],
                    "primary": {
                        "id": "r-rtb-5c426a241635062167",
                        "attributes": {
                            "destination_cidr_block": "10.126.16.0/22",
                            "destination_prefix_list_id": "",
                            "egress_only_gateway_id": "",
                            "gateway_id": "",
                            "id": "r-rtb-5c426a241635062167",
                            "instance_id": "",
                            "instance_owner_id": "",
                            "nat_gateway_id": "",
                            "network_interface_id": "",
                            "origin": "CreateRoute",
                            "route_table_id": "rtb-5c426a24",
                            "state": "active",
                            "vpc_peering_connection_id": "pcx-cb6516a2"
                        },
                        "meta": {},
                        "tainted": false
                    },
                    "deposed": [],
                    "provider": ""
                },
                "aws_route.reco_integ_vpc_private": {
                    "type": "aws_route",
                    "depends_on": [
                        "aws_route_table.private",
                        "aws_vpc_peering_connection.reco_integ"
                    ],
                    "primary": {
                        "id": "r-rtb-734a620b1635062167",
                        "attributes": {
                            "destination_cidr_block": "10.126.16.0/22",
                            "destination_prefix_list_id": "",
                            "egress_only_gateway_id": "",
                            "gateway_id": "",
                            "id": "r-rtb-734a620b1635062167",
                            "instance_id": "",
                            "instance_owner_id": "",
                            "nat_gateway_id": "",
                            "network_interface_id": "",
                            "origin": "CreateRoute",
                            "route_table_id": "rtb-734a620b",
                            "state": "active",
                            "vpc_peering_connection_id": "pcx-cb6516a2"
                        },
                        "meta": {},
                        "tainted": false
                    },
                    "deposed": [],
                    "provider": ""
                },
                "aws_route.reco_integ_vpc_public": {
                    "type": "aws_route",
                    "depends_on": [
                        "aws_route_table.public",
                        "aws_vpc_peering_connection.reco_integ"
                    ],
                    "primary": {
                        "id": "r-rtb-c64f67be1635062167",
                        "attributes": {
                            "destination_cidr_block": "10.126.16.0/22",
                            "destination_prefix_list_id": "",
                            "egress_only_gateway_id": "",
                            "gateway_id": "",
                            "id": "r-rtb-c64f67be1635062167",
                            "instance_id": "",
                            "instance_owner_id": "",
                            "nat_gateway_id": "",
                            "network_interface_id": "",
                            "origin": "CreateRoute",
                            "route_table_id": "rtb-c64f67be",
                            "state": "active",
                            "vpc_peering_connection_id": "pcx-cb6516a2"
                        },
                        "meta": {},
                        "tainted": false
                    },
                    "deposed": [],
                    "provider": ""
                },
                "aws_route.reco_release_vpc_natdc.0": {
                    "type": "aws_route",
                    "depends_on": [
                        "aws_route_table.natdc.*",
                        "aws_vpc_peering_connection.reco_release"
                    ],
                    "primary": {
                        "id": "r-rtb-98476fe0492153345",
                        "attributes": {
                            "destination_cidr_block": "10.126.24.0/22",
                            "destination_prefix_list_id": "",
                            "egress_only_gateway_id": "",
                            "gateway_id": "",
                            "id": "r-rtb-98476fe0492153345",
                            "instance_id": "",
                            "instance_owner_id": "",
                            "nat_gateway_id": "",
                            "network_interface_id": "",
                            "origin": "CreateRoute",
                            "route_table_id": "rtb-98476fe0",
                            "state": "active",
                            "vpc_peering_connection_id": "pcx-e9780b80"
                        },
                        "meta": {},
                        "tainted": false
                    },
                    "deposed": [],
                    "provider": ""
                },
                "aws_route.reco_release_vpc_natdc.1": {
                    "type": "aws_route",
                    "depends_on": [
                        "aws_route_table.natdc.*",
                        "aws_vpc_peering_connection.reco_release"
                    ],
                    "primary": {
                        "id": "r-rtb-26466e5e492153345",
                        "attributes": {
                            "destination_cidr_block": "10.126.24.0/22",
                            "destination_prefix_list_id": "",
                            "egress_only_gateway_id": "",
                            "gateway_id": "",
                            "id": "r-rtb-26466e5e492153345",
                            "instance_id": "",
                            "instance_owner_id": "",
                            "nat_gateway_id": "",
                            "network_interface_id": "",
                            "origin": "CreateRoute",
                            "route_table_id": "rtb-26466e5e",
                            "state": "active",
                            "vpc_peering_connection_id": "pcx-e9780b80"
                        },
                        "meta": {},
                        "tainted": false
                    },
                    "deposed": [],
                    "provider": ""
                },
                "aws_route.reco_release_vpc_natdc.2": {
                    "type": "aws_route",
                    "depends_on": [
                        "aws_route_table.natdc.*",
                        "aws_vpc_peering_connection.reco_release"
                    ],
                    "primary": {
                        "id": "r-rtb-144c646c492153345",
                        "attributes": {
                            "destination_cidr_block": "10.126.24.0/22",
                            "destination_prefix_list_id": "",
                            "egress_only_gateway_id": "",
                            "gateway_id": "",
                            "id": "r-rtb-144c646c492153345",
                            "instance_id": "",
                            "instance_owner_id": "",
                            "nat_gateway_id": "",
                            "network_interface_id": "",
                            "origin": "CreateRoute",
                            "route_table_id": "rtb-144c646c",
                            "state": "active",
                            "vpc_peering_connection_id": "pcx-e9780b80"
                        },
                        "meta": {},
                        "tainted": false
                    },
                    "deposed": [],
                    "provider": ""
                },
                "aws_route.reco_release_vpc_natdc.3": {
                    "type": "aws_route",
                    "depends_on": [
                        "aws_route_table.natdc.*",
                        "aws_vpc_peering_connection.reco_release"
                    ],
                    "primary": {
                        "id": "r-rtb-8f4068f7492153345",
                        "attributes": {
                            "destination_cidr_block": "10.126.24.0/22",
                            "destination_prefix_list_id": "",
                            "egress_only_gateway_id": "",
                            "gateway_id": "",
                            "id": "r-rtb-8f4068f7492153345",
                            "instance_id": "",
                            "instance_owner_id": "",
                            "nat_gateway_id": "",
                            "network_interface_id": "",
                            "origin": "CreateRoute",
                            "route_table_id": "rtb-8f4068f7",
                            "state": "active",
                            "vpc_peering_connection_id": "pcx-e9780b80"
                        },
                        "meta": {},
                        "tainted": false
                    },
                    "deposed": [],
                    "provider": ""
                },
                "aws_route.reco_release_vpc_natdc.4": {
                    "type": "aws_route",
                    "depends_on": [
                        "aws_route_table.natdc.*",
                        "aws_vpc_peering_connection.reco_release"
                    ],
                    "primary": {
                        "id": "r-rtb-5c426a24492153345",
                        "attributes": {
                            "destination_cidr_block": "10.126.24.0/22",
                            "destination_prefix_list_id": "",
                            "egress_only_gateway_id": "",
                            "gateway_id": "",
                            "id": "r-rtb-5c426a24492153345",
                            "instance_id": "",
                            "instance_owner_id": "",
                            "nat_gateway_id": "",
                            "network_interface_id": "",
                            "origin": "CreateRoute",
                            "route_table_id": "rtb-5c426a24",
                            "state": "active",
                            "vpc_peering_connection_id": "pcx-e9780b80"
                        },
                        "meta": {},
                        "tainted": false
                    },
                    "deposed": [],
                    "provider": ""
                },
                "aws_route.reco_release_vpc_private": {
                    "type": "aws_route",
                    "depends_on": [
                        "aws_route_table.private",
                        "aws_vpc_peering_connection.reco_release"
                    ],
                    "primary": {
                        "id": "r-rtb-734a620b492153345",
                        "attributes": {
                            "destination_cidr_block": "10.126.24.0/22",
                            "destination_prefix_list_id": "",
                            "egress_only_gateway_id": "",
                            "gateway_id": "",
                            "id": "r-rtb-734a620b492153345",
                            "instance_id": "",
                            "instance_owner_id": "",
                            "nat_gateway_id": "",
                            "network_interface_id": "",
                            "origin": "CreateRoute",
                            "route_table_id": "rtb-734a620b",
                            "state": "active",
                            "vpc_peering_connection_id": "pcx-e9780b80"
                        },
                        "meta": {},
                        "tainted": false
                    },
                    "deposed": [],
                    "provider": ""
                },
                "aws_route.reco_release_vpc_public": {
                    "type": "aws_route",
                    "depends_on": [
                        "aws_route_table.public",
                        "aws_vpc_peering_connection.reco_release"
                    ],
                    "primary": {
                        "id": "r-rtb-c64f67be492153345",
                        "attributes": {
                            "destination_cidr_block": "10.126.24.0/22",
                            "destination_prefix_list_id": "",
                            "egress_only_gateway_id": "",
                            "gateway_id": "",
                            "id": "r-rtb-c64f67be492153345",
                            "instance_id": "",
                            "instance_owner_id": "",
                            "nat_gateway_id": "",
                            "network_interface_id": "",
                            "origin": "CreateRoute",
                            "route_table_id": "rtb-c64f67be",
                            "state": "active",
                            "vpc_peering_connection_id": "pcx-e9780b80"
                        },
                        "meta": {},
                        "tainted": false
                    },
                    "deposed": [],
                    "provider": ""
                },
                "aws_route.reco_test_vpc_natdc.0": {
                    "type": "aws_route",
                    "depends_on": [
                        "aws_route_table.natdc.*",
                        "aws_vpc_peering_connection.reco_test"
                    ],
                    "primary": {
                        "id": "r-rtb-98476fe02261051415",
                        "attributes": {
                            "destination_cidr_block": "10.126.20.0/22",
                            "destination_prefix_list_id": "",
                            "egress_only_gateway_id": "",
                            "gateway_id": "",
                            "id": "r-rtb-98476fe02261051415",
                            "instance_id": "",
                            "instance_owner_id": "",
                            "nat_gateway_id": "",
                            "network_interface_id": "",
                            "origin": "CreateRoute",
                            "route_table_id": "rtb-98476fe0",
                            "state": "active",
                            "vpc_peering_connection_id": "pcx-e8780b81"
                        },
                        "meta": {},
                        "tainted": false
                    },
                    "deposed": [],
                    "provider": ""
                },
                "aws_route.reco_test_vpc_natdc.1": {
                    "type": "aws_route",
                    "depends_on": [
                        "aws_route_table.natdc.*",
                        "aws_vpc_peering_connection.reco_test"
                    ],
                    "primary": {
                        "id": "r-rtb-26466e5e2261051415",
                        "attributes": {
                            "destination_cidr_block": "10.126.20.0/22",
                            "destination_prefix_list_id": "",
                            "egress_only_gateway_id": "",
                            "gateway_id": "",
                            "id": "r-rtb-26466e5e2261051415",
                            "instance_id": "",
                            "instance_owner_id": "",
                            "nat_gateway_id": "",
                            "network_interface_id": "",
                            "origin": "CreateRoute",
                            "route_table_id": "rtb-26466e5e",
                            "state": "active",
                            "vpc_peering_connection_id": "pcx-e8780b81"
                        },
                        "meta": {},
                        "tainted": false
                    },
                    "deposed": [],
                    "provider": ""
                },
                "aws_route.reco_test_vpc_natdc.2": {
                    "type": "aws_route",
                    "depends_on": [
                        "aws_route_table.natdc.*",
                        "aws_vpc_peering_connection.reco_test"
                    ],
                    "primary": {
                        "id": "r-rtb-144c646c2261051415",
                        "attributes": {
                            "destination_cidr_block": "10.126.20.0/22",
                            "destination_prefix_list_id": "",
                            "egress_only_gateway_id": "",
                            "gateway_id": "",
                            "id": "r-rtb-144c646c2261051415",
                            "instance_id": "",
                            "instance_owner_id": "",
                            "nat_gateway_id": "",
                            "network_interface_id": "",
                            "origin": "CreateRoute",
                            "route_table_id": "rtb-144c646c",
                            "state": "active",
                            "vpc_peering_connection_id": "pcx-e8780b81"
                        },
                        "meta": {},
                        "tainted": false
                    },
                    "deposed": [],
                    "provider": ""
                },
                "aws_route.reco_test_vpc_natdc.3": {
                    "type": "aws_route",
                    "depends_on": [
                        "aws_route_table.natdc.*",
                        "aws_vpc_peering_connection.reco_test"
                    ],
                    "primary": {
                        "id": "r-rtb-8f4068f72261051415",
                        "attributes": {
                            "destination_cidr_block": "10.126.20.0/22",
                            "destination_prefix_list_id": "",
                            "egress_only_gateway_id": "",
                            "gateway_id": "",
                            "id": "r-rtb-8f4068f72261051415",
                            "instance_id": "",
                            "instance_owner_id": "",
                            "nat_gateway_id": "",
                            "network_interface_id": "",
                            "origin": "CreateRoute",
                            "route_table_id": "rtb-8f4068f7",
                            "state": "active",
                            "vpc_peering_connection_id": "pcx-e8780b81"
                        },
                        "meta": {},
                        "tainted": false
                    },
                    "deposed": [],
                    "provider": ""
                },
                "aws_route.reco_test_vpc_natdc.4": {
                    "type": "aws_route",
                    "depends_on": [
                        "aws_route_table.natdc.*",
                        "aws_vpc_peering_connection.reco_test"
                    ],
                    "primary": {
                        "id": "r-rtb-5c426a242261051415",
                        "attributes": {
                            "destination_cidr_block": "10.126.20.0/22",
                            "destination_prefix_list_id": "",
                            "egress_only_gateway_id": "",
                            "gateway_id": "",
                            "id": "r-rtb-5c426a242261051415",
                            "instance_id": "",
                            "instance_owner_id": "",
                            "nat_gateway_id": "",
                            "network_interface_id": "",
                            "origin": "CreateRoute",
                            "route_table_id": "rtb-5c426a24",
                            "state": "active",
                            "vpc_peering_connection_id": "pcx-e8780b81"
                        },
                        "meta": {},
                        "tainted": false
                    },
                    "deposed": [],
                    "provider": ""
                },
                "aws_route.reco_test_vpc_private": {
                    "type": "aws_route",
                    "depends_on": [
                        "aws_route_table.private",
                        "aws_vpc_peering_connection.reco_test"
                    ],
                    "primary": {
                        "id": "r-rtb-734a620b2261051415",
                        "attributes": {
                            "destination_cidr_block": "10.126.20.0/22",
                            "destination_prefix_list_id": "",
                            "egress_only_gateway_id": "",
                            "gateway_id": "",
                            "id": "r-rtb-734a620b2261051415",
                            "instance_id": "",
                            "instance_owner_id": "",
                            "nat_gateway_id": "",
                            "network_interface_id": "",
                            "origin": "CreateRoute",
                            "route_table_id": "rtb-734a620b",
                            "state": "active",
                            "vpc_peering_connection_id": "pcx-e8780b81"
                        },
                        "meta": {},
                        "tainted": false
                    },
                    "deposed": [],
                    "provider": ""
                },
                "aws_route.reco_test_vpc_public": {
                    "type": "aws_route",
                    "depends_on": [
                        "aws_route_table.public",
                        "aws_vpc_peering_connection.reco_test"
                    ],
                    "primary": {
                        "id": "r-rtb-c64f67be2261051415",
                        "attributes": {
                            "destination_cidr_block": "10.126.20.0/22",
                            "destination_prefix_list_id": "",
                            "egress_only_gateway_id": "",
                            "gateway_id": "",
                            "id": "r-rtb-c64f67be2261051415",
                            "instance_id": "",
                            "instance_owner_id": "",
                            "nat_gateway_id": "",
                            "network_interface_id": "",
                            "origin": "CreateRoute",
                            "route_table_id": "rtb-c64f67be",
                            "state": "active",
                            "vpc_peering_connection_id": "pcx-e8780b81"
                        },
                        "meta": {},
                        "tainted": false
                    },
                    "deposed": [],
                    "provider": ""
                },
                "aws_route53_zone_association.route53": {
                    "type": "aws_route53_zone_association",
                    "depends_on": [
                        "aws_vpc.main"
                    ],
                    "primary": {
                        "id": "Z31KC7C52TU6MQ:vpc-e942d990",
                        "attributes": {
                            "id": "Z31KC7C52TU6MQ:vpc-e942d990",
                            "vpc_id": "vpc-e942d990",
                            "vpc_region": "us-east-1",
                            "zone_id": "Z31KC7C52TU6MQ"
                        },
                        "meta": {},
                        "tainted": false
                    },
                    "deposed": [],
                    "provider": ""
                },
                "aws_route_table.natdc.0": {
                    "type": "aws_route_table",
                    "depends_on": [
                        "aws_nat_gateway.natgw.*",
                        "aws_vpc.main",
                        "aws_vpn_gateway.vgw"
                    ],
                    "primary": {
                        "id": "rtb-98476fe0",
                        "attributes": {
                            "id": "rtb-98476fe0",
                            "propagating_vgws.#": "1",
                            "propagating_vgws.3969999660": "vgw-ad8e65c4",
                            "route.#": "10",
                            "route.1064931103.cidr_block": "10.123.16.0/22",
                            "route.1064931103.egress_only_gateway_id": "",
                            "route.1064931103.gateway_id": "",
                            "route.1064931103.instance_id": "",
                            "route.1064931103.ipv6_cidr_block": "",
                            "route.1064931103.nat_gateway_id": "",
                            "route.1064931103.network_interface_id": "",
                            "route.1064931103.vpc_peering_connection_id": "pcx-56e6953f",
                            "route.1215688352.cidr_block": "10.123.24.0/22",
                            "route.1215688352.egress_only_gateway_id": "",
                            "route.1215688352.gateway_id": "",
                            "route.1215688352.instance_id": "",
                            "route.1215688352.ipv6_cidr_block": "",
                            "route.1215688352.nat_gateway_id": "",
                            "route.1215688352.network_interface_id": "",
                            "route.1215688352.vpc_peering_connection_id": "pcx-57e6953e",
                            "route.138408081.cidr_block": "10.125.64.0/19",
                            "route.138408081.egress_only_gateway_id": "",
                            "route.138408081.gateway_id": "",
                            "route.138408081.instance_id": "",
                            "route.138408081.ipv6_cidr_block": "",
                            "route.138408081.nat_gateway_id": "",
                            "route.138408081.network_interface_id": "",
                            "route.138408081.vpc_peering_connection_id": "pcx-a5e192cc",
                            "route.1429095797.cidr_block": "10.123.20.0/22",
                            "route.1429095797.egress_only_gateway_id": "",
                            "route.1429095797.gateway_id": "",
                            "route.1429095797.instance_id": "",
                            "route.1429095797.ipv6_cidr_block": "",
                            "route.1429095797.nat_gateway_id": "",
                            "route.1429095797.network_interface_id": "",
                            "route.1429095797.vpc_peering_connection_id": "pcx-d2ed9ebb",
                            "route.1773608124.cidr_block": "10.126.24.0/22",
                            "route.1773608124.egress_only_gateway_id": "",
                            "route.1773608124.gateway_id": "",
                            "route.1773608124.instance_id": "",
                            "route.1773608124.ipv6_cidr_block": "",
                            "route.1773608124.nat_gateway_id": "",
                            "route.1773608124.network_interface_id": "",
                            "route.1773608124.vpc_peering_connection_id": "pcx-e9780b80",
                            "route.2089142565.cidr_block": "10.125.96.0/20",
                            "route.2089142565.egress_only_gateway_id": "",
                            "route.2089142565.gateway_id": "",
                            "route.2089142565.instance_id": "",
                            "route.2089142565.ipv6_cidr_block": "",
                            "route.2089142565.nat_gateway_id": "",
                            "route.2089142565.network_interface_id": "",
                            "route.2089142565.vpc_peering_connection_id": "pcx-a0d3a0c9",
                            "route.2226333747.cidr_block": "10.126.20.0/22",
                            "route.2226333747.egress_only_gateway_id": "",
                            "route.2226333747.gateway_id": "",
                            "route.2226333747.instance_id": "",
                            "route.2226333747.ipv6_cidr_block": "",
                            "route.2226333747.nat_gateway_id": "",
                            "route.2226333747.network_interface_id": "",
                            "route.2226333747.vpc_peering_connection_id": "pcx-e8780b81",
                            "route.2871381260.cidr_block": "10.127.43.7/32",
                            "route.2871381260.egress_only_gateway_id": "",
                            "route.2871381260.gateway_id": "",
                            "route.2871381260.instance_id": "",
                            "route.2871381260.ipv6_cidr_block": "",
                            "route.2871381260.nat_gateway_id": "",
                            "route.2871381260.network_interface_id": "",
                            "route.2871381260.vpc_peering_connection_id": "pcx-e4e0908d",
                            "route.3638837779.cidr_block": "0.0.0.0/0",
                            "route.3638837779.egress_only_gateway_id": "",
                            "route.3638837779.gateway_id": "",
                            "route.3638837779.instance_id": "",
                            "route.3638837779.ipv6_cidr_block": "",
                            "route.3638837779.nat_gateway_id": "nat-06822c1540dc8fc3c",
                            "route.3638837779.network_interface_id": "",
                            "route.3638837779.vpc_peering_connection_id": "",
                            "route.3903600451.cidr_block": "10.126.16.0/22",
                            "route.3903600451.egress_only_gateway_id": "",
                            "route.3903600451.gateway_id": "",
                            "route.3903600451.instance_id": "",
                            "route.3903600451.ipv6_cidr_block": "",
                            "route.3903600451.nat_gateway_id": "",
                            "route.3903600451.network_interface_id": "",
                            "route.3903600451.vpc_peering_connection_id": "pcx-cb6516a2",
                            "tags.%": "5",
                            "tags.Name": "pipeline-natdc-routetable",
                            "tags.account_name": "jive-microservices-pipeline",
                            "tags.pipeline_phase": "pipeline",
                            "tags.region": "us-east-1",
                            "tags.sla": "non-prod",
                            "vpc_id": "vpc-e942d990"
                        },
                        "meta": {},
                        "tainted": false
                    },
                    "deposed": [],
                    "provider": ""
                },
                "aws_route_table.natdc.1": {
                    "type": "aws_route_table",
                    "depends_on": [
                        "aws_nat_gateway.natgw.*",
                        "aws_vpc.main",
                        "aws_vpn_gateway.vgw"
                    ],
                    "primary": {
                        "id": "rtb-26466e5e",
                        "attributes": {
                            "id": "rtb-26466e5e",
                            "propagating_vgws.#": "1",
                            "propagating_vgws.3969999660": "vgw-ad8e65c4",
                            "route.#": "10",
                            "route.1064931103.cidr_block": "10.123.16.0/22",
                            "route.1064931103.egress_only_gateway_id": "",
                            "route.1064931103.gateway_id": "",
                            "route.1064931103.instance_id": "",
                            "route.1064931103.ipv6_cidr_block": "",
                            "route.1064931103.nat_gateway_id": "",
                            "route.1064931103.network_interface_id": "",
                            "route.1064931103.vpc_peering_connection_id": "pcx-56e6953f",
                            "route.1215688352.cidr_block": "10.123.24.0/22",
                            "route.1215688352.egress_only_gateway_id": "",
                            "route.1215688352.gateway_id": "",
                            "route.1215688352.instance_id": "",
                            "route.1215688352.ipv6_cidr_block": "",
                            "route.1215688352.nat_gateway_id": "",
                            "route.1215688352.network_interface_id": "",
                            "route.1215688352.vpc_peering_connection_id": "pcx-57e6953e",
                            "route.138408081.cidr_block": "10.125.64.0/19",
                            "route.138408081.egress_only_gateway_id": "",
                            "route.138408081.gateway_id": "",
                            "route.138408081.instance_id": "",
                            "route.138408081.ipv6_cidr_block": "",
                            "route.138408081.nat_gateway_id": "",
                            "route.138408081.network_interface_id": "",
                            "route.138408081.vpc_peering_connection_id": "pcx-a5e192cc",
                            "route.1429095797.cidr_block": "10.123.20.0/22",
                            "route.1429095797.egress_only_gateway_id": "",
                            "route.1429095797.gateway_id": "",
                            "route.1429095797.instance_id": "",
                            "route.1429095797.ipv6_cidr_block": "",
                            "route.1429095797.nat_gateway_id": "",
                            "route.1429095797.network_interface_id": "",
                            "route.1429095797.vpc_peering_connection_id": "pcx-d2ed9ebb",
                            "route.1773608124.cidr_block": "10.126.24.0/22",
                            "route.1773608124.egress_only_gateway_id": "",
                            "route.1773608124.gateway_id": "",
                            "route.1773608124.instance_id": "",
                            "route.1773608124.ipv6_cidr_block": "",
                            "route.1773608124.nat_gateway_id": "",
                            "route.1773608124.network_interface_id": "",
                            "route.1773608124.vpc_peering_connection_id": "pcx-e9780b80",
                            "route.2089142565.cidr_block": "10.125.96.0/20",
                            "route.2089142565.egress_only_gateway_id": "",
                            "route.2089142565.gateway_id": "",
                            "route.2089142565.instance_id": "",
                            "route.2089142565.ipv6_cidr_block": "",
                            "route.2089142565.nat_gateway_id": "",
                            "route.2089142565.network_interface_id": "",
                            "route.2089142565.vpc_peering_connection_id": "pcx-a0d3a0c9",
                            "route.2226333747.cidr_block": "10.126.20.0/22",
                            "route.2226333747.egress_only_gateway_id": "",
                            "route.2226333747.gateway_id": "",
                            "route.2226333747.instance_id": "",
                            "route.2226333747.ipv6_cidr_block": "",
                            "route.2226333747.nat_gateway_id": "",
                            "route.2226333747.network_interface_id": "",
                            "route.2226333747.vpc_peering_connection_id": "pcx-e8780b81",
                            "route.2662755365.cidr_block": "0.0.0.0/0",
                            "route.2662755365.egress_only_gateway_id": "",
                            "route.2662755365.gateway_id": "",
                            "route.2662755365.instance_id": "",
                            "route.2662755365.ipv6_cidr_block": "",
                            "route.2662755365.nat_gateway_id": "nat-03d3df042de6ec6ba",
                            "route.2662755365.network_interface_id": "",
                            "route.2662755365.vpc_peering_connection_id": "",
                            "route.2871381260.cidr_block": "10.127.43.7/32",
                            "route.2871381260.egress_only_gateway_id": "",
                            "route.2871381260.gateway_id": "",
                            "route.2871381260.instance_id": "",
                            "route.2871381260.ipv6_cidr_block": "",
                            "route.2871381260.nat_gateway_id": "",
                            "route.2871381260.network_interface_id": "",
                            "route.2871381260.vpc_peering_connection_id": "pcx-e4e0908d",
                            "route.3903600451.cidr_block": "10.126.16.0/22",
                            "route.3903600451.egress_only_gateway_id": "",
                            "route.3903600451.gateway_id": "",
                            "route.3903600451.instance_id": "",
                            "route.3903600451.ipv6_cidr_block": "",
                            "route.3903600451.nat_gateway_id": "",
                            "route.3903600451.network_interface_id": "",
                            "route.3903600451.vpc_peering_connection_id": "pcx-cb6516a2",
                            "tags.%": "5",
                            "tags.Name": "pipeline-natdc-routetable",
                            "tags.account_name": "jive-microservices-pipeline",
                            "tags.pipeline_phase": "pipeline",
                            "tags.region": "us-east-1",
                            "tags.sla": "non-prod",
                            "vpc_id": "vpc-e942d990"
                        },
                        "meta": {},
                        "tainted": false
                    },
                    "deposed": [],
                    "provider": ""
                },
                "aws_route_table.natdc.2": {
                    "type": "aws_route_table",
                    "depends_on": [
                        "aws_nat_gateway.natgw.*",
                        "aws_vpc.main",
                        "aws_vpn_gateway.vgw"
                    ],
                    "primary": {
                        "id": "rtb-144c646c",
                        "attributes": {
                            "id": "rtb-144c646c",
                            "propagating_vgws.#": "1",
                            "propagating_vgws.3969999660": "vgw-ad8e65c4",
                            "route.#": "10",
                            "route.1064931103.cidr_block": "10.123.16.0/22",
                            "route.1064931103.egress_only_gateway_id": "",
                            "route.1064931103.gateway_id": "",
                            "route.1064931103.instance_id": "",
                            "route.1064931103.ipv6_cidr_block": "",
                            "route.1064931103.nat_gateway_id": "",
                            "route.1064931103.network_interface_id": "",
                            "route.1064931103.vpc_peering_connection_id": "pcx-56e6953f",
                            "route.1215688352.cidr_block": "10.123.24.0/22",
                            "route.1215688352.egress_only_gateway_id": "",
                            "route.1215688352.gateway_id": "",
                            "route.1215688352.instance_id": "",
                            "route.1215688352.ipv6_cidr_block": "",
                            "route.1215688352.nat_gateway_id": "",
                            "route.1215688352.network_interface_id": "",
                            "route.1215688352.vpc_peering_connection_id": "pcx-57e6953e",
                            "route.138408081.cidr_block": "10.125.64.0/19",
                            "route.138408081.egress_only_gateway_id": "",
                            "route.138408081.gateway_id": "",
                            "route.138408081.instance_id": "",
                            "route.138408081.ipv6_cidr_block": "",
                            "route.138408081.nat_gateway_id": "",
                            "route.138408081.network_interface_id": "",
                            "route.138408081.vpc_peering_connection_id": "pcx-a5e192cc",
                            "route.1429095797.cidr_block": "10.123.20.0/22",
                            "route.1429095797.egress_only_gateway_id": "",
                            "route.1429095797.gateway_id": "",
                            "route.1429095797.instance_id": "",
                            "route.1429095797.ipv6_cidr_block": "",
                            "route.1429095797.nat_gateway_id": "",
                            "route.1429095797.network_interface_id": "",
                            "route.1429095797.vpc_peering_connection_id": "pcx-d2ed9ebb",
                            "route.1773608124.cidr_block": "10.126.24.0/22",
                            "route.1773608124.egress_only_gateway_id": "",
                            "route.1773608124.gateway_id": "",
                            "route.1773608124.instance_id": "",
                            "route.1773608124.ipv6_cidr_block": "",
                            "route.1773608124.nat_gateway_id": "",
                            "route.1773608124.network_interface_id": "",
                            "route.1773608124.vpc_peering_connection_id": "pcx-e9780b80",
                            "route.2089142565.cidr_block": "10.125.96.0/20",
                            "route.2089142565.egress_only_gateway_id": "",
                            "route.2089142565.gateway_id": "",
                            "route.2089142565.instance_id": "",
                            "route.2089142565.ipv6_cidr_block": "",
                            "route.2089142565.nat_gateway_id": "",
                            "route.2089142565.network_interface_id": "",
                            "route.2089142565.vpc_peering_connection_id": "pcx-a0d3a0c9",
                            "route.2169729775.cidr_block": "0.0.0.0/0",
                            "route.2169729775.egress_only_gateway_id": "",
                            "route.2169729775.gateway_id": "",
                            "route.2169729775.instance_id": "",
                            "route.2169729775.ipv6_cidr_block": "",
                            "route.2169729775.nat_gateway_id": "nat-0d3a40ab06b154642",
                            "route.2169729775.network_interface_id": "",
                            "route.2169729775.vpc_peering_connection_id": "",
                            "route.2226333747.cidr_block": "10.126.20.0/22",
                            "route.2226333747.egress_only_gateway_id": "",
                            "route.2226333747.gateway_id": "",
                            "route.2226333747.instance_id": "",
                            "route.2226333747.ipv6_cidr_block": "",
                            "route.2226333747.nat_gateway_id": "",
                            "route.2226333747.network_interface_id": "",
                            "route.2226333747.vpc_peering_connection_id": "pcx-e8780b81",
                            "route.2871381260.cidr_block": "10.127.43.7/32",
                            "route.2871381260.egress_only_gateway_id": "",
                            "route.2871381260.gateway_id": "",
                            "route.2871381260.instance_id": "",
                            "route.2871381260.ipv6_cidr_block": "",
                            "route.2871381260.nat_gateway_id": "",
                            "route.2871381260.network_interface_id": "",
                            "route.2871381260.vpc_peering_connection_id": "pcx-e4e0908d",
                            "route.3903600451.cidr_block": "10.126.16.0/22",
                            "route.3903600451.egress_only_gateway_id": "",
                            "route.3903600451.gateway_id": "",
                            "route.3903600451.instance_id": "",
                            "route.3903600451.ipv6_cidr_block": "",
                            "route.3903600451.nat_gateway_id": "",
                            "route.3903600451.network_interface_id": "",
                            "route.3903600451.vpc_peering_connection_id": "pcx-cb6516a2",
                            "tags.%": "5",
                            "tags.Name": "pipeline-natdc-routetable",
                            "tags.account_name": "jive-microservices-pipeline",
                            "tags.pipeline_phase": "pipeline",
                            "tags.region": "us-east-1",
                            "tags.sla": "non-prod",
                            "vpc_id": "vpc-e942d990"
                        },
                        "meta": {},
                        "tainted": false
                    },
                    "deposed": [],
                    "provider": ""
                },
                "aws_route_table.natdc.3": {
                    "type": "aws_route_table",
                    "depends_on": [
                        "aws_nat_gateway.natgw.*",
                        "aws_vpc.main",
                        "aws_vpn_gateway.vgw"
                    ],
                    "primary": {
                        "id": "rtb-8f4068f7",
                        "attributes": {
                            "id": "rtb-8f4068f7",
                            "propagating_vgws.#": "1",
                            "propagating_vgws.3969999660": "vgw-ad8e65c4",
                            "route.#": "10",
                            "route.1064931103.cidr_block": "10.123.16.0/22",
                            "route.1064931103.egress_only_gateway_id": "",
                            "route.1064931103.gateway_id": "",
                            "route.1064931103.instance_id": "",
                            "route.1064931103.ipv6_cidr_block": "",
                            "route.1064931103.nat_gateway_id": "",
                            "route.1064931103.network_interface_id": "",
                            "route.1064931103.vpc_peering_connection_id": "pcx-56e6953f",
                            "route.1215688352.cidr_block": "10.123.24.0/22",
                            "route.1215688352.egress_only_gateway_id": "",
                            "route.1215688352.gateway_id": "",
                            "route.1215688352.instance_id": "",
                            "route.1215688352.ipv6_cidr_block": "",
                            "route.1215688352.nat_gateway_id": "",
                            "route.1215688352.network_interface_id": "",
                            "route.1215688352.vpc_peering_connection_id": "pcx-57e6953e",
                            "route.138408081.cidr_block": "10.125.64.0/19",
                            "route.138408081.egress_only_gateway_id": "",
                            "route.138408081.gateway_id": "",
                            "route.138408081.instance_id": "",
                            "route.138408081.ipv6_cidr_block": "",
                            "route.138408081.nat_gateway_id": "",
                            "route.138408081.network_interface_id": "",
                            "route.138408081.vpc_peering_connection_id": "pcx-a5e192cc",
                            "route.1429095797.cidr_block": "10.123.20.0/22",
                            "route.1429095797.egress_only_gateway_id": "",
                            "route.1429095797.gateway_id": "",
                            "route.1429095797.instance_id": "",
                            "route.1429095797.ipv6_cidr_block": "",
                            "route.1429095797.nat_gateway_id": "",
                            "route.1429095797.network_interface_id": "",
                            "route.1429095797.vpc_peering_connection_id": "pcx-d2ed9ebb",
                            "route.1773608124.cidr_block": "10.126.24.0/22",
                            "route.1773608124.egress_only_gateway_id": "",
                            "route.1773608124.gateway_id": "",
                            "route.1773608124.instance_id": "",
                            "route.1773608124.ipv6_cidr_block": "",
                            "route.1773608124.nat_gateway_id": "",
                            "route.1773608124.network_interface_id": "",
                            "route.1773608124.vpc_peering_connection_id": "pcx-e9780b80",
                            "route.2089142565.cidr_block": "10.125.96.0/20",
                            "route.2089142565.egress_only_gateway_id": "",
                            "route.2089142565.gateway_id": "",
                            "route.2089142565.instance_id": "",
                            "route.2089142565.ipv6_cidr_block": "",
                            "route.2089142565.nat_gateway_id": "",
                            "route.2089142565.network_interface_id": "",
                            "route.2089142565.vpc_peering_connection_id": "pcx-a0d3a0c9",
                            "route.2226333747.cidr_block": "10.126.20.0/22",
                            "route.2226333747.egress_only_gateway_id": "",
                            "route.2226333747.gateway_id": "",
                            "route.2226333747.instance_id": "",
                            "route.2226333747.ipv6_cidr_block": "",
                            "route.2226333747.nat_gateway_id": "",
                            "route.2226333747.network_interface_id": "",
                            "route.2226333747.vpc_peering_connection_id": "pcx-e8780b81",
                            "route.2871381260.cidr_block": "10.127.43.7/32",
                            "route.2871381260.egress_only_gateway_id": "",
                            "route.2871381260.gateway_id": "",
                            "route.2871381260.instance_id": "",
                            "route.2871381260.ipv6_cidr_block": "",
                            "route.2871381260.nat_gateway_id": "",
                            "route.2871381260.network_interface_id": "",
                            "route.2871381260.vpc_peering_connection_id": "pcx-e4e0908d",
                            "route.3308902632.cidr_block": "0.0.0.0/0",
                            "route.3308902632.egress_only_gateway_id": "",
                            "route.3308902632.gateway_id": "",
                            "route.3308902632.instance_id": "",
                            "route.3308902632.ipv6_cidr_block": "",
                            "route.3308902632.nat_gateway_id": "nat-0811b8970f1ec150e",
                            "route.3308902632.network_interface_id": "",
                            "route.3308902632.vpc_peering_connection_id": "",
                            "route.3903600451.cidr_block": "10.126.16.0/22",
                            "route.3903600451.egress_only_gateway_id": "",
                            "route.3903600451.gateway_id": "",
                            "route.3903600451.instance_id": "",
                            "route.3903600451.ipv6_cidr_block": "",
                            "route.3903600451.nat_gateway_id": "",
                            "route.3903600451.network_interface_id": "",
                            "route.3903600451.vpc_peering_connection_id": "pcx-cb6516a2",
                            "tags.%": "5",
                            "tags.Name": "pipeline-natdc-routetable",
                            "tags.account_name": "jive-microservices-pipeline",
                            "tags.pipeline_phase": "pipeline",
                            "tags.region": "us-east-1",
                            "tags.sla": "non-prod",
                            "vpc_id": "vpc-e942d990"
                        },
                        "meta": {},
                        "tainted": false
                    },
                    "deposed": [],
                    "provider": ""
                },
                "aws_route_table.natdc.4": {
                    "type": "aws_route_table",
                    "depends_on": [
                        "aws_nat_gateway.natgw.*",
                        "aws_vpc.main",
                        "aws_vpn_gateway.vgw"
                    ],
                    "primary": {
                        "id": "rtb-5c426a24",
                        "attributes": {
                            "id": "rtb-5c426a24",
                            "propagating_vgws.#": "1",
                            "propagating_vgws.3969999660": "vgw-ad8e65c4",
                            "route.#": "10",
                            "route.1064931103.cidr_block": "10.123.16.0/22",
                            "route.1064931103.egress_only_gateway_id": "",
                            "route.1064931103.gateway_id": "",
                            "route.1064931103.instance_id": "",
                            "route.1064931103.ipv6_cidr_block": "",
                            "route.1064931103.nat_gateway_id": "",
                            "route.1064931103.network_interface_id": "",
                            "route.1064931103.vpc_peering_connection_id": "pcx-56e6953f",
                            "route.1215688352.cidr_block": "10.123.24.0/22",
                            "route.1215688352.egress_only_gateway_id": "",
                            "route.1215688352.gateway_id": "",
                            "route.1215688352.instance_id": "",
                            "route.1215688352.ipv6_cidr_block": "",
                            "route.1215688352.nat_gateway_id": "",
                            "route.1215688352.network_interface_id": "",
                            "route.1215688352.vpc_peering_connection_id": "pcx-57e6953e",
                            "route.138408081.cidr_block": "10.125.64.0/19",
                            "route.138408081.egress_only_gateway_id": "",
                            "route.138408081.gateway_id": "",
                            "route.138408081.instance_id": "",
                            "route.138408081.ipv6_cidr_block": "",
                            "route.138408081.nat_gateway_id": "",
                            "route.138408081.network_interface_id": "",
                            "route.138408081.vpc_peering_connection_id": "pcx-a5e192cc",
                            "route.1429095797.cidr_block": "10.123.20.0/22",
                            "route.1429095797.egress_only_gateway_id": "",
                            "route.1429095797.gateway_id": "",
                            "route.1429095797.instance_id": "",
                            "route.1429095797.ipv6_cidr_block": "",
                            "route.1429095797.nat_gateway_id": "",
                            "route.1429095797.network_interface_id": "",
                            "route.1429095797.vpc_peering_connection_id": "pcx-d2ed9ebb",
                            "route.1437101503.cidr_block": "0.0.0.0/0",
                            "route.1437101503.egress_only_gateway_id": "",
                            "route.1437101503.gateway_id": "",
                            "route.1437101503.instance_id": "",
                            "route.1437101503.ipv6_cidr_block": "",
                            "route.1437101503.nat_gateway_id": "nat-0572264a85b168a01",
                            "route.1437101503.network_interface_id": "",
                            "route.1437101503.vpc_peering_connection_id": "",
                            "route.1773608124.cidr_block": "10.126.24.0/22",
                            "route.1773608124.egress_only_gateway_id": "",
                            "route.1773608124.gateway_id": "",
                            "route.1773608124.instance_id": "",
                            "route.1773608124.ipv6_cidr_block": "",
                            "route.1773608124.nat_gateway_id": "",
                            "route.1773608124.network_interface_id": "",
                            "route.1773608124.vpc_peering_connection_id": "pcx-e9780b80",
                            "route.2089142565.cidr_block": "10.125.96.0/20",
                            "route.2089142565.egress_only_gateway_id": "",
                            "route.2089142565.gateway_id": "",
                            "route.2089142565.instance_id": "",
                            "route.2089142565.ipv6_cidr_block": "",
                            "route.2089142565.nat_gateway_id": "",
                            "route.2089142565.network_interface_id": "",
                            "route.2089142565.vpc_peering_connection_id": "pcx-a0d3a0c9",
                            "route.2226333747.cidr_block": "10.126.20.0/22",
                            "route.2226333747.egress_only_gateway_id": "",
                            "route.2226333747.gateway_id": "",
                            "route.2226333747.instance_id": "",
                            "route.2226333747.ipv6_cidr_block": "",
                            "route.2226333747.nat_gateway_id": "",
                            "route.2226333747.network_interface_id": "",
                            "route.2226333747.vpc_peering_connection_id": "pcx-e8780b81",
                            "route.2871381260.cidr_block": "10.127.43.7/32",
                            "route.2871381260.egress_only_gateway_id": "",
                            "route.2871381260.gateway_id": "",
                            "route.2871381260.instance_id": "",
                            "route.2871381260.ipv6_cidr_block": "",
                            "route.2871381260.nat_gateway_id": "",
                            "route.2871381260.network_interface_id": "",
                            "route.2871381260.vpc_peering_connection_id": "pcx-e4e0908d",
                            "route.3903600451.cidr_block": "10.126.16.0/22",
                            "route.3903600451.egress_only_gateway_id": "",
                            "route.3903600451.gateway_id": "",
                            "route.3903600451.instance_id": "",
                            "route.3903600451.ipv6_cidr_block": "",
                            "route.3903600451.nat_gateway_id": "",
                            "route.3903600451.network_interface_id": "",
                            "route.3903600451.vpc_peering_connection_id": "pcx-cb6516a2",
                            "tags.%": "5",
                            "tags.Name": "pipeline-natdc-routetable",
                            "tags.account_name": "jive-microservices-pipeline",
                            "tags.pipeline_phase": "pipeline",
                            "tags.region": "us-east-1",
                            "tags.sla": "non-prod",
                            "vpc_id": "vpc-e942d990"
                        },
                        "meta": {},
                        "tainted": false
                    },
                    "deposed": [],
                    "provider": ""
                },
                "aws_route_table.private": {
                    "type": "aws_route_table",
                    "depends_on": [
                        "aws_vpc.main"
                    ],
                    "primary": {
                        "id": "rtb-734a620b",
                        "attributes": {
                            "id": "rtb-734a620b",
                            "propagating_vgws.#": "0",
                            "route.#": "8",
                            "route.1064931103.cidr_block": "10.123.16.0/22",
                            "route.1064931103.egress_only_gateway_id": "",
                            "route.1064931103.gateway_id": "",
                            "route.1064931103.instance_id": "",
                            "route.1064931103.ipv6_cidr_block": "",
                            "route.1064931103.nat_gateway_id": "",
                            "route.1064931103.network_interface_id": "",
                            "route.1064931103.vpc_peering_connection_id": "pcx-56e6953f",
                            "route.1215688352.cidr_block": "10.123.24.0/22",
                            "route.1215688352.egress_only_gateway_id": "",
                            "route.1215688352.gateway_id": "",
                            "route.1215688352.instance_id": "",
                            "route.1215688352.ipv6_cidr_block": "",
                            "route.1215688352.nat_gateway_id": "",
                            "route.1215688352.network_interface_id": "",
                            "route.1215688352.vpc_peering_connection_id": "pcx-57e6953e",
                            "route.1429095797.cidr_block": "10.123.20.0/22",
                            "route.1429095797.egress_only_gateway_id": "",
                            "route.1429095797.gateway_id": "",
                            "route.1429095797.instance_id": "",
                            "route.1429095797.ipv6_cidr_block": "",
                            "route.1429095797.nat_gateway_id": "",
                            "route.1429095797.network_interface_id": "",
                            "route.1429095797.vpc_peering_connection_id": "pcx-d2ed9ebb",
                            "route.1773608124.cidr_block": "10.126.24.0/22",
                            "route.1773608124.egress_only_gateway_id": "",
                            "route.1773608124.gateway_id": "",
                            "route.1773608124.instance_id": "",
                            "route.1773608124.ipv6_cidr_block": "",
                            "route.1773608124.nat_gateway_id": "",
                            "route.1773608124.network_interface_id": "",
                            "route.1773608124.vpc_peering_connection_id": "pcx-e9780b80",
                            "route.2089142565.cidr_block": "10.125.96.0/20",
                            "route.2089142565.egress_only_gateway_id": "",
                            "route.2089142565.gateway_id": "",
                            "route.2089142565.instance_id": "",
                            "route.2089142565.ipv6_cidr_block": "",
                            "route.2089142565.nat_gateway_id": "",
                            "route.2089142565.network_interface_id": "",
                            "route.2089142565.vpc_peering_connection_id": "pcx-a0d3a0c9",
                            "route.2226333747.cidr_block": "10.126.20.0/22",
                            "route.2226333747.egress_only_gateway_id": "",
                            "route.2226333747.gateway_id": "",
                            "route.2226333747.instance_id": "",
                            "route.2226333747.ipv6_cidr_block": "",
                            "route.2226333747.nat_gateway_id": "",
                            "route.2226333747.network_interface_id": "",
                            "route.2226333747.vpc_peering_connection_id": "pcx-e8780b81",
                            "route.2871381260.cidr_block": "10.127.43.7/32",
                            "route.2871381260.egress_only_gateway_id": "",
                            "route.2871381260.gateway_id": "",
                            "route.2871381260.instance_id": "",
                            "route.2871381260.ipv6_cidr_block": "",
                            "route.2871381260.nat_gateway_id": "",
                            "route.2871381260.network_interface_id": "",
                            "route.2871381260.vpc_peering_connection_id": "pcx-e4e0908d",
                            "route.3903600451.cidr_block": "10.126.16.0/22",
                            "route.3903600451.egress_only_gateway_id": "",
                            "route.3903600451.gateway_id": "",
                            "route.3903600451.instance_id": "",
                            "route.3903600451.ipv6_cidr_block": "",
                            "route.3903600451.nat_gateway_id": "",
                            "route.3903600451.network_interface_id": "",
                            "route.3903600451.vpc_peering_connection_id": "pcx-cb6516a2",
                            "tags.%": "5",
                            "tags.Name": "pipeline-private-routetable",
                            "tags.account_name": "jive-microservices-pipeline",
                            "tags.pipeline_phase": "pipeline",
                            "tags.region": "us-east-1",
                            "tags.sla": "non-prod",
                            "vpc_id": "vpc-e942d990"
                        },
                        "meta": {},
                        "tainted": false
                    },
                    "deposed": [],
                    "provider": ""
                },
                "aws_route_table.public": {
                    "type": "aws_route_table",
                    "depends_on": [
                        "aws_internet_gateway.igw",
                        "aws_vpc.main"
                    ],
                    "primary": {
                        "id": "rtb-c64f67be",
                        "attributes": {
                            "id": "rtb-c64f67be",
                            "propagating_vgws.#": "0",
                            "route.#": "9",
                            "route.1064931103.cidr_block": "10.123.16.0/22",
                            "route.1064931103.egress_only_gateway_id": "",
                            "route.1064931103.gateway_id": "",
                            "route.1064931103.instance_id": "",
                            "route.1064931103.ipv6_cidr_block": "",
                            "route.1064931103.nat_gateway_id": "",
                            "route.1064931103.network_interface_id": "",
                            "route.1064931103.vpc_peering_connection_id": "pcx-56e6953f",
                            "route.1215688352.cidr_block": "10.123.24.0/22",
                            "route.1215688352.egress_only_gateway_id": "",
                            "route.1215688352.gateway_id": "",
                            "route.1215688352.instance_id": "",
                            "route.1215688352.ipv6_cidr_block": "",
                            "route.1215688352.nat_gateway_id": "",
                            "route.1215688352.network_interface_id": "",
                            "route.1215688352.vpc_peering_connection_id": "pcx-57e6953e",
                            "route.1429095797.cidr_block": "10.123.20.0/22",
                            "route.1429095797.egress_only_gateway_id": "",
                            "route.1429095797.gateway_id": "",
                            "route.1429095797.instance_id": "",
                            "route.1429095797.ipv6_cidr_block": "",
                            "route.1429095797.nat_gateway_id": "",
                            "route.1429095797.network_interface_id": "",
                            "route.1429095797.vpc_peering_connection_id": "pcx-d2ed9ebb",
                            "route.1773608124.cidr_block": "10.126.24.0/22",
                            "route.1773608124.egress_only_gateway_id": "",
                            "route.1773608124.gateway_id": "",
                            "route.1773608124.instance_id": "",
                            "route.1773608124.ipv6_cidr_block": "",
                            "route.1773608124.nat_gateway_id": "",
                            "route.1773608124.network_interface_id": "",
                            "route.1773608124.vpc_peering_connection_id": "pcx-e9780b80",
                            "route.2089142565.cidr_block": "10.125.96.0/20",
                            "route.2089142565.egress_only_gateway_id": "",
                            "route.2089142565.gateway_id": "",
                            "route.2089142565.instance_id": "",
                            "route.2089142565.ipv6_cidr_block": "",
                            "route.2089142565.nat_gateway_id": "",
                            "route.2089142565.network_interface_id": "",
                            "route.2089142565.vpc_peering_connection_id": "pcx-a0d3a0c9",
                            "route.2226333747.cidr_block": "10.126.20.0/22",
                            "route.2226333747.egress_only_gateway_id": "",
                            "route.2226333747.gateway_id": "",
                            "route.2226333747.instance_id": "",
                            "route.2226333747.ipv6_cidr_block": "",
                            "route.2226333747.nat_gateway_id": "",
                            "route.2226333747.network_interface_id": "",
                            "route.2226333747.vpc_peering_connection_id": "pcx-e8780b81",
                            "route.2871381260.cidr_block": "10.127.43.7/32",
                            "route.2871381260.egress_only_gateway_id": "",
                            "route.2871381260.gateway_id": "",
                            "route.2871381260.instance_id": "",
                            "route.2871381260.ipv6_cidr_block": "",
                            "route.2871381260.nat_gateway_id": "",
                            "route.2871381260.network_interface_id": "",
                            "route.2871381260.vpc_peering_connection_id": "pcx-e4e0908d",
                            "route.3903600451.cidr_block": "10.126.16.0/22",
                            "route.3903600451.egress_only_gateway_id": "",
                            "route.3903600451.gateway_id": "",
                            "route.3903600451.instance_id": "",
                            "route.3903600451.ipv6_cidr_block": "",
                            "route.3903600451.nat_gateway_id": "",
                            "route.3903600451.network_interface_id": "",
                            "route.3903600451.vpc_peering_connection_id": "pcx-cb6516a2",
                            "route.913054482.cidr_block": "0.0.0.0/0",
                            "route.913054482.egress_only_gateway_id": "",
                            "route.913054482.gateway_id": "igw-ccc38aaa",
                            "route.913054482.instance_id": "",
                            "route.913054482.ipv6_cidr_block": "",
                            "route.913054482.nat_gateway_id": "",
                            "route.913054482.network_interface_id": "",
                            "route.913054482.vpc_peering_connection_id": "",
                            "tags.%": "6",
                            "tags.KubernetesCluster": "us-east-1_jive-microservices-pipeline",
                            "tags.Name": "pipeline-public-routetable",
                            "tags.account_name": "jive-microservices-pipeline",
                            "tags.pipeline_phase": "pipeline",
                            "tags.region": "us-east-1",
                            "tags.sla": "non-prod",
                            "vpc_id": "vpc-e942d990"
                        },
                        "meta": {},
                        "tainted": false
                    },
                    "deposed": [],
                    "provider": ""
                },
                "aws_route_table_association.natdc.0": {
                    "type": "aws_route_table_association",
                    "depends_on": [
                        "aws_route_table.natdc.*",
                        "aws_subnet.natdc.*"
                    ],
                    "primary": {
                        "id": "rtbassoc-63dac018",
                        "attributes": {
                            "id": "rtbassoc-63dac018",
                            "route_table_id": "rtb-98476fe0",
                            "subnet_id": "subnet-85ba29a9"
                        },
                        "meta": {},
                        "tainted": false
                    },
                    "deposed": [],
                    "provider": ""
                },
                "aws_route_table_association.natdc.1": {
                    "type": "aws_route_table_association",
                    "depends_on": [
                        "aws_route_table.natdc.*",
                        "aws_subnet.natdc.*"
                    ],
                    "primary": {
                        "id": "rtbassoc-342f354f",
                        "attributes": {
                            "id": "rtbassoc-342f354f",
                            "route_table_id": "rtb-26466e5e",
                            "subnet_id": "subnet-2239736a"
                        },
                        "meta": {},
                        "tainted": false
                    },
                    "deposed": [],
                    "provider": ""
                },
                "aws_route_table_association.natdc.2": {
                    "type": "aws_route_table_association",
                    "depends_on": [
                        "aws_route_table.natdc.*",
                        "aws_subnet.natdc.*"
                    ],
                    "primary": {
                        "id": "rtbassoc-c0253fbb",
                        "attributes": {
                            "id": "rtbassoc-c0253fbb",
                            "route_table_id": "rtb-144c646c",
                            "subnet_id": "subnet-dd53d887"
                        },
                        "meta": {},
                        "tainted": false
                    },
                    "deposed": [],
                    "provider": ""
                },
                "aws_route_table_association.natdc.3": {
                    "type": "aws_route_table_association",
                    "depends_on": [
                        "aws_route_table.natdc.*",
                        "aws_subnet.natdc.*"
                    ],
                    "primary": {
                        "id": "rtbassoc-46dbc13d",
                        "attributes": {
                            "id": "rtbassoc-46dbc13d",
                            "route_table_id": "rtb-8f4068f7",
                            "subnet_id": "subnet-b115168d"
                        },
                        "meta": {},
                        "tainted": false
                    },
                    "deposed": [],
                    "provider": ""
                },
                "aws_route_table_association.natdc.4": {
                    "type": "aws_route_table_association",
                    "depends_on": [
                        "aws_route_table.natdc.*",
                        "aws_subnet.natdc.*"
                    ],
                    "primary": {
                        "id": "rtbassoc-8b243ef0",
                        "attributes": {
                            "id": "rtbassoc-8b243ef0",
                            "route_table_id": "rtb-5c426a24",
                            "subnet_id": "subnet-6d26c709"
                        },
                        "meta": {},
                        "tainted": false
                    },
                    "deposed": [],
                    "provider": ""
                },
                "aws_route_table_association.private.0": {
                    "type": "aws_route_table_association",
                    "depends_on": [
                        "aws_route_table.private",
                        "aws_subnet.private.*"
                    ],
                    "primary": {
                        "id": "rtbassoc-ac2c36d7",
                        "attributes": {
                            "id": "rtbassoc-ac2c36d7",
                            "route_table_id": "rtb-734a620b",
                            "subnet_id": "subnet-0f23c26b"
                        },
                        "meta": {},
                        "tainted": false
                    },
                    "deposed": [],
                    "provider": ""
                },
                "aws_route_table_association.private.1": {
                    "type": "aws_route_table_association",
                    "depends_on": [
                        "aws_route_table.private",
                        "aws_subnet.private.*"
                    ],
                    "primary": {
                        "id": "rtbassoc-3a203a41",
                        "attributes": {
                            "id": "rtbassoc-3a203a41",
                            "route_table_id": "rtb-734a620b",
                            "subnet_id": "subnet-5fb62573"
                        },
                        "meta": {},
                        "tainted": false
                    },
                    "deposed": [],
                    "provider": ""
                },
                "aws_route_table_association.private.2": {
                    "type": "aws_route_table_association",
                    "depends_on": [
                        "aws_route_table.private",
                        "aws_subnet.private.*"
                    ],
                    "primary": {
                        "id": "rtbassoc-72223809",
                        "attributes": {
                            "id": "rtbassoc-72223809",
                            "route_table_id": "rtb-734a620b",
                            "subnet_id": "subnet-193d7751"
                        },
                        "meta": {},
                        "tainted": false
                    },
                    "deposed": [],
                    "provider": ""
                },
                "aws_route_table_association.private.3": {
                    "type": "aws_route_table_association",
                    "depends_on": [
                        "aws_route_table.private",
                        "aws_subnet.private.*"
                    ],
                    "primary": {
                        "id": "rtbassoc-d5253fae",
                        "attributes": {
                            "id": "rtbassoc-d5253fae",
                            "route_table_id": "rtb-734a620b",
                            "subnet_id": "subnet-4554df1f"
                        },
                        "meta": {},
                        "tainted": false
                    },
                    "deposed": [],
                    "provider": ""
                },
                "aws_route_table_association.private.4": {
                    "type": "aws_route_table_association",
                    "depends_on": [
                        "aws_route_table.private",
                        "aws_subnet.private.*"
                    ],
                    "primary": {
                        "id": "rtbassoc-7b213b00",
                        "attributes": {
                            "id": "rtbassoc-7b213b00",
                            "route_table_id": "rtb-734a620b",
                            "subnet_id": "subnet-921417ae"
                        },
                        "meta": {},
                        "tainted": false
                    },
                    "deposed": [],
                    "provider": ""
                },
                "aws_route_table_association.public.0": {
                    "type": "aws_route_table_association",
                    "depends_on": [
                        "aws_route_table.public",
                        "aws_subnet.public.*"
                    ],
                    "primary": {
                        "id": "rtbassoc-7a213b01",
                        "attributes": {
                            "id": "rtbassoc-7a213b01",
                            "route_table_id": "rtb-c64f67be",
                            "subnet_id": "subnet-3220c156"
                        },
                        "meta": {},
                        "tainted": false
                    },
                    "deposed": [],
                    "provider": ""
                },
                "aws_route_table_association.public.1": {
                    "type": "aws_route_table_association",
                    "depends_on": [
                        "aws_route_table.public",
                        "aws_subnet.public.*"
                    ],
                    "primary": {
                        "id": "rtbassoc-3c253f47",
                        "attributes": {
                            "id": "rtbassoc-3c253f47",
                            "route_table_id": "rtb-c64f67be",
                            "subnet_id": "subnet-6abd2e46"
                        },
                        "meta": {},
                        "tainted": false
                    },
                    "deposed": [],
                    "provider": ""
                },
                "aws_route_table_association.public.2": {
                    "type": "aws_route_table_association",
                    "depends_on": [
                        "aws_route_table.public",
                        "aws_subnet.public.*"
                    ],
                    "primary": {
                        "id": "rtbassoc-f32e3488",
                        "attributes": {
                            "id": "rtbassoc-f32e3488",
                            "route_table_id": "rtb-c64f67be",
                            "subnet_id": "subnet-5439731c"
                        },
                        "meta": {},
                        "tainted": false
                    },
                    "deposed": [],
                    "provider": ""
                },
                "aws_route_table_association.public.3": {
                    "type": "aws_route_table_association",
                    "depends_on": [
                        "aws_route_table.public",
                        "aws_subnet.public.*"
                    ],
                    "primary": {
                        "id": "rtbassoc-f22e3489",
                        "attributes": {
                            "id": "rtbassoc-f22e3489",
                            "route_table_id": "rtb-c64f67be",
                            "subnet_id": "subnet-9f52d9c5"
                        },
                        "meta": {},
                        "tainted": false
                    },
                    "deposed": [],
                    "provider": ""
                },
                "aws_route_table_association.public.4": {
                    "type": "aws_route_table_association",
                    "depends_on": [
                        "aws_route_table.public",
                        "aws_subnet.public.*"
                    ],
                    "primary": {
                        "id": "rtbassoc-9d243ee6",
                        "attributes": {
                            "id": "rtbassoc-9d243ee6",
                            "route_table_id": "rtb-c64f67be",
                            "subnet_id": "subnet-f1080bcd"
                        },
                        "meta": {},
                        "tainted": false
                    },
                    "deposed": [],
                    "provider": ""
                },
                "aws_security_group.env_instance": {
                    "type": "aws_security_group",
                    "depends_on": [
                        "aws_vpc.main",
                        "data.aws_security_group.bastion"
                    ],
                    "primary": {
                        "id": "sg-3c6c264d",
                        "attributes": {
                            "description": "All instances within the evironment",
                            "egress.#": "1",
                            "egress.482069346.cidr_blocks.#": "1",
                            "egress.482069346.cidr_blocks.0": "0.0.0.0/0",
                            "egress.482069346.from_port": "0",
                            "egress.482069346.ipv6_cidr_blocks.#": "0",
                            "egress.482069346.prefix_list_ids.#": "0",
                            "egress.482069346.protocol": "-1",
                            "egress.482069346.security_groups.#": "0",
                            "egress.482069346.self": "false",
                            "egress.482069346.to_port": "0",
                            "id": "sg-3c6c264d",
                            "ingress.#": "2",
                            "ingress.2406528660.cidr_blocks.#": "0",
                            "ingress.2406528660.from_port": "22",
                            "ingress.2406528660.ipv6_cidr_blocks.#": "0",
                            "ingress.2406528660.protocol": "tcp",
                            "ingress.2406528660.security_groups.#": "1",
                            "ingress.2406528660.security_groups.1106502445": "sg-cd652ebc",
                            "ingress.2406528660.self": "false",
                            "ingress.2406528660.to_port": "22",
                            "ingress.839149879.cidr_blocks.#": "0",
                            "ingress.839149879.from_port": "8",
                            "ingress.839149879.ipv6_cidr_blocks.#": "0",
                            "ingress.839149879.protocol": "icmp",
                            "ingress.839149879.security_groups.#": "1",
                            "ingress.839149879.security_groups.1106502445": "sg-cd652ebc",
                            "ingress.839149879.self": "false",
                            "ingress.839149879.to_port": "0",
                            "name": "pipeline-instance",
                            "owner_id": "811034720611",
                            "tags.%": "5",
                            "tags.Name": "pipeline-instance",
                            "tags.account_name": "jive-microservices-pipeline",
                            "tags.pipeline_phase": "pipeline",
                            "tags.region": "us-east-1",
                            "tags.sla": "non-prod",
                            "vpc_id": "vpc-e942d990"
                        },
                        "meta": {},
                        "tainted": false
                    },
                    "deposed": [],
                    "provider": ""
                },
                "aws_subnet.natdc.0": {
                    "type": "aws_subnet",
                    "depends_on": [
                        "aws_vpc.main"
                    ],
                    "primary": {
                        "id": "subnet-6d26c709",
                        "attributes": {
                            "assign_ipv6_address_on_creation": "false",
                            "availability_zone": "us-east-1a",
                            "cidr_block": "10.125.0.0/22",
                            "id": "subnet-6d26c709",
                            "map_public_ip_on_launch": "false",
                            "tags.%": "7",
                            "tags.KubernetesCluster": "us-east-1_jive-microservices-pipeline",
                            "tags.Name": "pipeline-natdc-subnet",
                            "tags.account_name": "jive-microservices-pipeline",
                            "tags.kubernetes.io/role/internal-elb": "us-east-1_jive-microservices-pipeline",
                            "tags.pipeline_phase": "pipeline",
                            "tags.region": "us-east-1",
                            "tags.sla": "non-prod",
                            "vpc_id": "vpc-e942d990"
                        },
                        "meta": {
                            "schema_version": "1"
                        },
                        "tainted": false
                    },
                    "deposed": [],
                    "provider": ""
                },
                "aws_subnet.natdc.1": {
                    "type": "aws_subnet",
                    "depends_on": [
                        "aws_vpc.main"
                    ],
                    "primary": {
                        "id": "subnet-85ba29a9",
                        "attributes": {
                            "assign_ipv6_address_on_creation": "false",
                            "availability_zone": "us-east-1b",
                            "cidr_block": "10.125.4.0/22",
                            "id": "subnet-85ba29a9",
                            "map_public_ip_on_launch": "false",
                            "tags.%": "7",
                            "tags.KubernetesCluster": "us-east-1_jive-microservices-pipeline",
                            "tags.Name": "pipeline-natdc-subnet",
                            "tags.account_name": "jive-microservices-pipeline",
                            "tags.kubernetes.io/role/internal-elb": "us-east-1_jive-microservices-pipeline",
                            "tags.pipeline_phase": "pipeline",
                            "tags.region": "us-east-1",
                            "tags.sla": "non-prod",
                            "vpc_id": "vpc-e942d990"
                        },
                        "meta": {
                            "schema_version": "1"
                        },
                        "tainted": false
                    },
                    "deposed": [],
                    "provider": ""
                },
                "aws_subnet.natdc.2": {
                    "type": "aws_subnet",
                    "depends_on": [
                        "aws_vpc.main"
                    ],
                    "primary": {
                        "id": "subnet-2239736a",
                        "attributes": {
                            "assign_ipv6_address_on_creation": "false",
                            "availability_zone": "us-east-1c",
                            "cidr_block": "10.125.8.0/22",
                            "id": "subnet-2239736a",
                            "map_public_ip_on_launch": "false",
                            "tags.%": "7",
                            "tags.KubernetesCluster": "us-east-1_jive-microservices-pipeline",
                            "tags.Name": "pipeline-natdc-subnet",
                            "tags.account_name": "jive-microservices-pipeline",
                            "tags.kubernetes.io/role/internal-elb": "us-east-1_jive-microservices-pipeline",
                            "tags.pipeline_phase": "pipeline",
                            "tags.region": "us-east-1",
                            "tags.sla": "non-prod",
                            "vpc_id": "vpc-e942d990"
                        },
                        "meta": {
                            "schema_version": "1"
                        },
                        "tainted": false
                    },
                    "deposed": [],
                    "provider": ""
                },
                "aws_subnet.natdc.3": {
                    "type": "aws_subnet",
                    "depends_on": [
                        "aws_vpc.main"
                    ],
                    "primary": {
                        "id": "subnet-dd53d887",
                        "attributes": {
                            "assign_ipv6_address_on_creation": "false",
                            "availability_zone": "us-east-1d",
                            "cidr_block": "10.125.12.0/22",
                            "id": "subnet-dd53d887",
                            "map_public_ip_on_launch": "false",
                            "tags.%": "7",
                            "tags.KubernetesCluster": "us-east-1_jive-microservices-pipeline",
                            "tags.Name": "pipeline-natdc-subnet",
                            "tags.account_name": "jive-microservices-pipeline",
                            "tags.kubernetes.io/role/internal-elb": "us-east-1_jive-microservices-pipeline",
                            "tags.pipeline_phase": "pipeline",
                            "tags.region": "us-east-1",
                            "tags.sla": "non-prod",
                            "vpc_id": "vpc-e942d990"
                        },
                        "meta": {
                            "schema_version": "1"
                        },
                        "tainted": false
                    },
                    "deposed": [],
                    "provider": ""
                },
                "aws_subnet.natdc.4": {
                    "type": "aws_subnet",
                    "depends_on": [
                        "aws_vpc.main"
                    ],
                    "primary": {
                        "id": "subnet-b115168d",
                        "attributes": {
                            "assign_ipv6_address_on_creation": "false",
                            "availability_zone": "us-east-1e",
                            "cidr_block": "10.125.16.0/22",
                            "id": "subnet-b115168d",
                            "map_public_ip_on_launch": "false",
                            "tags.%": "7",
                            "tags.KubernetesCluster": "us-east-1_jive-microservices-pipeline",
                            "tags.Name": "pipeline-natdc-subnet",
                            "tags.account_name": "jive-microservices-pipeline",
                            "tags.kubernetes.io/role/internal-elb": "us-east-1_jive-microservices-pipeline",
                            "tags.pipeline_phase": "pipeline",
                            "tags.region": "us-east-1",
                            "tags.sla": "non-prod",
                            "vpc_id": "vpc-e942d990"
                        },
                        "meta": {
                            "schema_version": "1"
                        },
                        "tainted": false
                    },
                    "deposed": [],
                    "provider": ""
                },
                "aws_subnet.private.0": {
                    "type": "aws_subnet",
                    "depends_on": [
                        "aws_vpc.main"
                    ],
                    "primary": {
                        "id": "subnet-0f23c26b",
                        "attributes": {
                            "assign_ipv6_address_on_creation": "false",
                            "availability_zone": "us-east-1a",
                            "cidr_block": "10.125.30.0/26",
                            "id": "subnet-0f23c26b",
                            "map_public_ip_on_launch": "false",
                            "tags.%": "5",
                            "tags.Name": "pipeline-private-subnet",
                            "tags.account_name": "jive-microservices-pipeline",
                            "tags.pipeline_phase": "pipeline",
                            "tags.region": "us-east-1",
                            "tags.sla": "non-prod",
                            "vpc_id": "vpc-e942d990"
                        },
                        "meta": {
                            "schema_version": "1"
                        },
                        "tainted": false
                    },
                    "deposed": [],
                    "provider": ""
                },
                "aws_subnet.private.1": {
                    "type": "aws_subnet",
                    "depends_on": [
                        "aws_vpc.main"
                    ],
                    "primary": {
                        "id": "subnet-5fb62573",
                        "attributes": {
                            "assign_ipv6_address_on_creation": "false",
                            "availability_zone": "us-east-1b",
                            "cidr_block": "10.125.30.64/26",
                            "id": "subnet-5fb62573",
                            "map_public_ip_on_launch": "false",
                            "tags.%": "5",
                            "tags.Name": "pipeline-private-subnet",
                            "tags.account_name": "jive-microservices-pipeline",
                            "tags.pipeline_phase": "pipeline",
                            "tags.region": "us-east-1",
                            "tags.sla": "non-prod",
                            "vpc_id": "vpc-e942d990"
                        },
                        "meta": {
                            "schema_version": "1"
                        },
                        "tainted": false
                    },
                    "deposed": [],
                    "provider": ""
                },
                "aws_subnet.private.2": {
                    "type": "aws_subnet",
                    "depends_on": [
                        "aws_vpc.main"
                    ],
                    "primary": {
                        "id": "subnet-193d7751",
                        "attributes": {
                            "assign_ipv6_address_on_creation": "false",
                            "availability_zone": "us-east-1c",
                            "cidr_block": "10.125.30.128/26",
                            "id": "subnet-193d7751",
                            "map_public_ip_on_launch": "false",
                            "tags.%": "5",
                            "tags.Name": "pipeline-private-subnet",
                            "tags.account_name": "jive-microservices-pipeline",
                            "tags.pipeline_phase": "pipeline",
                            "tags.region": "us-east-1",
                            "tags.sla": "non-prod",
                            "vpc_id": "vpc-e942d990"
                        },
                        "meta": {
                            "schema_version": "1"
                        },
                        "tainted": false
                    },
                    "deposed": [],
                    "provider": ""
                },
                "aws_subnet.private.3": {
                    "type": "aws_subnet",
                    "depends_on": [
                        "aws_vpc.main"
                    ],
                    "primary": {
                        "id": "subnet-4554df1f",
                        "attributes": {
                            "assign_ipv6_address_on_creation": "false",
                            "availability_zone": "us-east-1d",
                            "cidr_block": "10.125.30.192/26",
                            "id": "subnet-4554df1f",
                            "map_public_ip_on_launch": "false",
                            "tags.%": "5",
                            "tags.Name": "pipeline-private-subnet",
                            "tags.account_name": "jive-microservices-pipeline",
                            "tags.pipeline_phase": "pipeline",
                            "tags.region": "us-east-1",
                            "tags.sla": "non-prod",
                            "vpc_id": "vpc-e942d990"
                        },
                        "meta": {
                            "schema_version": "1"
                        },
                        "tainted": false
                    },
                    "deposed": [],
                    "provider": ""
                },
                "aws_subnet.private.4": {
                    "type": "aws_subnet",
                    "depends_on": [
                        "aws_vpc.main"
                    ],
                    "primary": {
                        "id": "subnet-921417ae",
                        "attributes": {
                            "assign_ipv6_address_on_creation": "false",
                            "availability_zone": "us-east-1e",
                            "cidr_block": "10.125.31.0/26",
                            "id": "subnet-921417ae",
                            "map_public_ip_on_launch": "false",
                            "tags.%": "5",
                            "tags.Name": "pipeline-private-subnet",
                            "tags.account_name": "jive-microservices-pipeline",
                            "tags.pipeline_phase": "pipeline",
                            "tags.region": "us-east-1",
                            "tags.sla": "non-prod",
                            "vpc_id": "vpc-e942d990"
                        },
                        "meta": {
                            "schema_version": "1"
                        },
                        "tainted": false
                    },
                    "deposed": [],
                    "provider": ""
                },
                "aws_subnet.public.0": {
                    "type": "aws_subnet",
                    "depends_on": [
                        "aws_vpc.main"
                    ],
                    "primary": {
                        "id": "subnet-3220c156",
                        "attributes": {
                            "assign_ipv6_address_on_creation": "false",
                            "availability_zone": "us-east-1a",
                            "cidr_block": "10.125.20.0/23",
                            "id": "subnet-3220c156",
                            "map_public_ip_on_launch": "false",
                            "tags.%": "6",
                            "tags.KubernetesCluster": "us-east-1_jive-microservices-pipeline",
                            "tags.Name": "pipeline-public-subnet",
                            "tags.account_name": "jive-microservices-pipeline",
                            "tags.pipeline_phase": "pipeline",
                            "tags.region": "us-east-1",
                            "tags.sla": "non-prod",
                            "vpc_id": "vpc-e942d990"
                        },
                        "meta": {
                            "schema_version": "1"
                        },
                        "tainted": false
                    },
                    "deposed": [],
                    "provider": ""
                },
                "aws_subnet.public.1": {
                    "type": "aws_subnet",
                    "depends_on": [
                        "aws_vpc.main"
                    ],
                    "primary": {
                        "id": "subnet-6abd2e46",
                        "attributes": {
                            "assign_ipv6_address_on_creation": "false",
                            "availability_zone": "us-east-1b",
                            "cidr_block": "10.125.22.0/23",
                            "id": "subnet-6abd2e46",
                            "map_public_ip_on_launch": "false",
                            "tags.%": "6",
                            "tags.KubernetesCluster": "us-east-1_jive-microservices-pipeline",
                            "tags.Name": "pipeline-public-subnet",
                            "tags.account_name": "jive-microservices-pipeline",
                            "tags.pipeline_phase": "pipeline",
                            "tags.region": "us-east-1",
                            "tags.sla": "non-prod",
                            "vpc_id": "vpc-e942d990"
                        },
                        "meta": {
                            "schema_version": "1"
                        },
                        "tainted": false
                    },
                    "deposed": [],
                    "provider": ""
                },
                "aws_subnet.public.2": {
                    "type": "aws_subnet",
                    "depends_on": [
                        "aws_vpc.main"
                    ],
                    "primary": {
                        "id": "subnet-5439731c",
                        "attributes": {
                            "assign_ipv6_address_on_creation": "false",
                            "availability_zone": "us-east-1c",
                            "cidr_block": "10.125.24.0/23",
                            "id": "subnet-5439731c",
                            "map_public_ip_on_launch": "false",
                            "tags.%": "6",
                            "tags.KubernetesCluster": "us-east-1_jive-microservices-pipeline",
                            "tags.Name": "pipeline-public-subnet",
                            "tags.account_name": "jive-microservices-pipeline",
                            "tags.pipeline_phase": "pipeline",
                            "tags.region": "us-east-1",
                            "tags.sla": "non-prod",
                            "vpc_id": "vpc-e942d990"
                        },
                        "meta": {
                            "schema_version": "1"
                        },
                        "tainted": false
                    },
                    "deposed": [],
                    "provider": ""
                },
                "aws_subnet.public.3": {
                    "type": "aws_subnet",
                    "depends_on": [
                        "aws_vpc.main"
                    ],
                    "primary": {
                        "id": "subnet-9f52d9c5",
                        "attributes": {
                            "assign_ipv6_address_on_creation": "false",
                            "availability_zone": "us-east-1d",
                            "cidr_block": "10.125.26.0/23",
                            "id": "subnet-9f52d9c5",
                            "map_public_ip_on_launch": "false",
                            "tags.%": "6",
                            "tags.KubernetesCluster": "us-east-1_jive-microservices-pipeline",
                            "tags.Name": "pipeline-public-subnet",
                            "tags.account_name": "jive-microservices-pipeline",
                            "tags.pipeline_phase": "pipeline",
                            "tags.region": "us-east-1",
                            "tags.sla": "non-prod",
                            "vpc_id": "vpc-e942d990"
                        },
                        "meta": {
                            "schema_version": "1"
                        },
                        "tainted": false
                    },
                    "deposed": [],
                    "provider": ""
                },
                "aws_subnet.public.4": {
                    "type": "aws_subnet",
                    "depends_on": [
                        "aws_vpc.main"
                    ],
                    "primary": {
                        "id": "subnet-f1080bcd",
                        "attributes": {
                            "assign_ipv6_address_on_creation": "false",
                            "availability_zone": "us-east-1e",
                            "cidr_block": "10.125.28.0/23",
                            "id": "subnet-f1080bcd",
                            "map_public_ip_on_launch": "false",
                            "tags.%": "6",
                            "tags.KubernetesCluster": "us-east-1_jive-microservices-pipeline",
                            "tags.Name": "pipeline-public-subnet",
                            "tags.account_name": "jive-microservices-pipeline",
                            "tags.pipeline_phase": "pipeline",
                            "tags.region": "us-east-1",
                            "tags.sla": "non-prod",
                            "vpc_id": "vpc-e942d990"
                        },
                        "meta": {
                            "schema_version": "1"
                        },
                        "tainted": false
                    },
                    "deposed": [],
                    "provider": ""
                },
                "aws_vpc.main": {
                    "type": "aws_vpc",
                    "depends_on": [],
                    "primary": {
                        "id": "vpc-e942d990",
                        "attributes": {
                            "assign_generated_ipv6_cidr_block": "false",
                            "cidr_block": "10.125.0.0/19",
                            "default_network_acl_id": "acl-8bfcf1f2",
                            "default_route_table_id": "rtb-c04169b8",
                            "default_security_group_id": "sg-0d68227c",
                            "dhcp_options_id": "dopt-f94c1a9c",
                            "enable_classiclink": "false",
                            "enable_dns_hostnames": "true",
                            "enable_dns_support": "true",
                            "id": "vpc-e942d990",
                            "instance_tenancy": "default",
                            "main_route_table_id": "rtb-c04169b8",
                            "tags.%": "5",
                            "tags.Name": "pipeline-vpc",
                            "tags.account_name": "jive-microservices-pipeline",
                            "tags.pipeline_phase": "pipeline",
                            "tags.region": "us-east-1",
                            "tags.sla": "non-prod"
                        },
                        "meta": {
                            "schema_version": "1"
                        },
                        "tainted": false
                    },
                    "deposed": [],
                    "provider": ""
                },
                "aws_vpc_peering_connection.data_integ": {
                    "type": "aws_vpc_peering_connection",
                    "depends_on": [
                        "aws_vpc.main"
                    ],
                    "primary": {
                        "id": "pcx-56e6953f",
                        "attributes": {
                            "accept_status": "active",
                            "accepter.#": "0",
                            "id": "pcx-56e6953f",
                            "peer_owner_id": "999547976641",
                            "peer_vpc_id": "vpc-39fd6240",
                            "requester.#": "1",
                            "requester.3244290774.allow_classic_link_to_remote_vpc": "false",
                            "requester.3244290774.allow_remote_vpc_dns_resolution": "false",
                            "requester.3244290774.allow_vpc_to_remote_classic_link": "false",
                            "tags.%": "5",
                            "tags.Name": "pipeline_to_data_account_integ",
                            "tags.account_name": "jive-microservices-pipeline",
                            "tags.pipeline_phase": "pipeline",
                            "tags.region": "us-east-1",
                            "tags.sla": "non-prod",
                            "vpc_id": "vpc-e942d990"
                        },
                        "meta": {},
                        "tainted": false
                    },
                    "deposed": [],
                    "provider": ""
                },
                "aws_vpc_peering_connection.data_release": {
                    "type": "aws_vpc_peering_connection",
                    "depends_on": [
                        "aws_vpc.main"
                    ],
                    "primary": {
                        "id": "pcx-57e6953e",
                        "attributes": {
                            "accept_status": "active",
                            "accepter.#": "0",
                            "id": "pcx-57e6953e",
                            "peer_owner_id": "999547976641",
                            "peer_vpc_id": "vpc-5ff36c26",
                            "requester.#": "1",
                            "requester.3244290774.allow_classic_link_to_remote_vpc": "false",
                            "requester.3244290774.allow_remote_vpc_dns_resolution": "false",
                            "requester.3244290774.allow_vpc_to_remote_classic_link": "false",
                            "tags.%": "5",
                            "tags.Name": "pipeline_to_data_account_release",
                            "tags.account_name": "jive-microservices-pipeline",
                            "tags.pipeline_phase": "pipeline",
                            "tags.region": "us-east-1",
                            "tags.sla": "non-prod",
                            "vpc_id": "vpc-e942d990"
                        },
                        "meta": {},
                        "tainted": false
                    },
                    "deposed": [],
                    "provider": ""
                },
                "aws_vpc_peering_connection.data_test": {
                    "type": "aws_vpc_peering_connection",
                    "depends_on": [
                        "aws_vpc.main"
                    ],
                    "primary": {
                        "id": "pcx-d2ed9ebb",
                        "attributes": {
                            "accept_status": "active",
                            "accepter.#": "0",
                            "id": "pcx-d2ed9ebb",
                            "peer_owner_id": "999547976641",
                            "peer_vpc_id": "vpc-26f9665f",
                            "requester.#": "1",
                            "requester.3244290774.allow_classic_link_to_remote_vpc": "false",
                            "requester.3244290774.allow_remote_vpc_dns_resolution": "false",
                            "requester.3244290774.allow_vpc_to_remote_classic_link": "false",
                            "tags.%": "5",
                            "tags.Name": "pipeline_to_data_account_test",
                            "tags.account_name": "jive-microservices-pipeline",
                            "tags.pipeline_phase": "pipeline",
                            "tags.region": "us-east-1",
                            "tags.sla": "non-prod",
                            "vpc_id": "vpc-e942d990"
                        },
                        "meta": {},
                        "tainted": false
                    },
                    "deposed": [],
                    "provider": ""
                },
                "aws_vpc_peering_connection.infra": {
                    "type": "aws_vpc_peering_connection",
                    "depends_on": [
                        "aws_vpc.main"
                    ],
                    "primary": {
                        "id": "pcx-e4e0908d",
                        "attributes": {
                            "accept_status": "active",
                            "accepter.#": "1",
                            "accepter.3244290774.allow_classic_link_to_remote_vpc": "false",
                            "accepter.3244290774.allow_remote_vpc_dns_resolution": "false",
                            "accepter.3244290774.allow_vpc_to_remote_classic_link": "false",
                            "auto_accept": "true",
                            "id": "pcx-e4e0908d",
                            "peer_owner_id": "811034720611",
                            "peer_vpc_id": "vpc-3ce97245",
                            "requester.#": "1",
                            "requester.3244290774.allow_classic_link_to_remote_vpc": "false",
                            "requester.3244290774.allow_remote_vpc_dns_resolution": "false",
                            "requester.3244290774.allow_vpc_to_remote_classic_link": "false",
                            "tags.%": "5",
                            "tags.Name": "pipeline_to_infra-jive-microservices-pipeline",
                            "tags.account_name": "jive-microservices-pipeline",
                            "tags.pipeline_phase": "pipeline",
                            "tags.region": "us-east-1",
                            "tags.sla": "non-prod",
                            "vpc_id": "vpc-e942d990"
                        },
                        "meta": {},
                        "tainted": false
                    },
                    "deposed": [],
                    "provider": ""
                },
                "aws_vpc_peering_connection.jcx": {
                    "type": "aws_vpc_peering_connection",
                    "depends_on": [
                        "aws_vpc.main"
                    ],
                    "primary": {
                        "id": "pcx-a0d3a0c9",
                        "attributes": {
                            "accept_status": "active",
                            "accepter.#": "1",
                            "accepter.3244290774.allow_classic_link_to_remote_vpc": "false",
                            "accepter.3244290774.allow_remote_vpc_dns_resolution": "false",
                            "accepter.3244290774.allow_vpc_to_remote_classic_link": "false",
                            "auto_accept": "true",
                            "id": "pcx-a0d3a0c9",
                            "peer_owner_id": "811034720611",
                            "peer_vpc_id": "vpc-0344df7a",
                            "requester.#": "1",
                            "requester.3244290774.allow_classic_link_to_remote_vpc": "false",
                            "requester.3244290774.allow_remote_vpc_dns_resolution": "false",
                            "requester.3244290774.allow_vpc_to_remote_classic_link": "false",
                            "tags.%": "5",
                            "tags.Name": "pipeline_to_jcx_component_vpc",
                            "tags.account_name": "jive-microservices-pipeline",
                            "tags.pipeline_phase": "pipeline",
                            "tags.region": "us-east-1",
                            "tags.sla": "non-prod",
                            "vpc_id": "vpc-e942d990"
                        },
                        "meta": {},
                        "tainted": false
                    },
                    "deposed": [],
                    "provider": ""
                },
                "aws_vpc_peering_connection.reco_integ": {
                    "type": "aws_vpc_peering_connection",
                    "depends_on": [
                        "aws_vpc.main"
                    ],
                    "primary": {
                        "id": "pcx-cb6516a2",
                        "attributes": {
                            "accept_status": "active",
                            "accepter.#": "0",
                            "id": "pcx-cb6516a2",
                            "peer_owner_id": "642745549043",
                            "peer_vpc_id": "vpc-2441dc5d",
                            "requester.#": "1",
                            "requester.3244290774.allow_classic_link_to_remote_vpc": "false",
                            "requester.3244290774.allow_remote_vpc_dns_resolution": "false",
                            "requester.3244290774.allow_vpc_to_remote_classic_link": "false",
                            "tags.%": "5",
                            "tags.Name": "pipeline_to_reco_account_integ",
                            "tags.account_name": "jive-microservices-pipeline",
                            "tags.pipeline_phase": "pipeline",
                            "tags.region": "us-east-1",
                            "tags.sla": "non-prod",
                            "vpc_id": "vpc-e942d990"
                        },
                        "meta": {},
                        "tainted": false
                    },
                    "deposed": [],
                    "provider": ""
                },
                "aws_vpc_peering_connection.reco_release": {
                    "type": "aws_vpc_peering_connection",
                    "depends_on": [
                        "aws_vpc.main"
                    ],
                    "primary": {
                        "id": "pcx-e9780b80",
                        "attributes": {
                            "accept_status": "active",
                            "accepter.#": "0",
                            "id": "pcx-e9780b80",
                            "peer_owner_id": "642745549043",
                            "peer_vpc_id": "vpc-1174e968",
                            "requester.#": "1",
                            "requester.3244290774.allow_classic_link_to_remote_vpc": "false",
                            "requester.3244290774.allow_remote_vpc_dns_resolution": "false",
                            "requester.3244290774.allow_vpc_to_remote_classic_link": "false",
                            "tags.%": "5",
                            "tags.Name": "pipeline_to_reco_account_release",
                            "tags.account_name": "jive-microservices-pipeline",
                            "tags.pipeline_phase": "pipeline",
                            "tags.region": "us-east-1",
                            "tags.sla": "non-prod",
                            "vpc_id": "vpc-e942d990"
                        },
                        "meta": {},
                        "tainted": false
                    },
                    "deposed": [],
                    "provider": ""
                },
                "aws_vpc_peering_connection.reco_test": {
                    "type": "aws_vpc_peering_connection",
                    "depends_on": [
                        "aws_vpc.main"
                    ],
                    "primary": {
                        "id": "pcx-e8780b81",
                        "attributes": {
                            "accept_status": "active",
                            "accepter.#": "0",
                            "id": "pcx-e8780b81",
                            "peer_owner_id": "642745549043",
                            "peer_vpc_id": "vpc-fe43de87",
                            "requester.#": "1",
                            "requester.3244290774.allow_classic_link_to_remote_vpc": "false",
                            "requester.3244290774.allow_remote_vpc_dns_resolution": "false",
                            "requester.3244290774.allow_vpc_to_remote_classic_link": "false",
                            "tags.%": "5",
                            "tags.Name": "pipeline_to_reco_account_test",
                            "tags.account_name": "jive-microservices-pipeline",
                            "tags.pipeline_phase": "pipeline",
                            "tags.region": "us-east-1",
                            "tags.sla": "non-prod",
                            "vpc_id": "vpc-e942d990"
                        },
                        "meta": {},
                        "tainted": false
                    },
                    "deposed": [],
                    "provider": ""
                },
                "aws_vpn_connection.corp_main": {
                    "type": "aws_vpn_connection",
                    "depends_on": [
                        "aws_vpn_gateway.vgw"
                    ],
                    "primary": {
                        "id": "vpn-899d8ee8",
                        "attributes": {
                            "customer_gateway_configuration": "\u003c?xml version=\"1.0\" encoding=\"UTF-8\"?\u003e\n\u003cvpn_connection id=\"vpn-899d8ee8\"\u003e\n  \u003ccustomer_gateway_id\u003ecgw-d5b65cbc\u003c/customer_gateway_id\u003e\n  \u003cvpn_gateway_id\u003evgw-ad8e65c4\u003c/vpn_gateway_id\u003e\n  \u003cvpn_connection_type\u003eipsec.1\u003c/vpn_connection_type\u003e\n  \u003cvpn_connection_attributes\u003eNoBGPVPNConnection\u003c/vpn_connection_attributes\u003e\n  \u003cipsec_tunnel\u003e\n    \u003ccustomer_gateway\u003e\n      \u003ctunnel_outside_address\u003e\n        \u003cip_address\u003e204.93.66.3\u003c/ip_address\u003e\n      \u003c/tunnel_outside_address\u003e\n      \u003ctunnel_inside_address\u003e\n        \u003cip_address\u003e169.254.45.102\u003c/ip_address\u003e\n        \u003cnetwork_mask\u003e255.255.255.252\u003c/network_mask\u003e\n        \u003cnetwork_cidr\u003e30\u003c/network_cidr\u003e\n      \u003c/tunnel_inside_address\u003e\n    \u003c/customer_gateway\u003e\n    \u003cvpn_gateway\u003e\n      \u003ctunnel_outside_address\u003e\n        \u003cip_address\u003e52.73.244.74\u003c/ip_address\u003e\n      \u003c/tunnel_outside_address\u003e\n      \u003ctunnel_inside_address\u003e\n        \u003cip_address\u003e169.254.45.101\u003c/ip_address\u003e\n        \u003cnetwork_mask\u003e255.255.255.252\u003c/network_mask\u003e\n        \u003cnetwork_cidr\u003e30\u003c/network_cidr\u003e\n      \u003c/tunnel_inside_address\u003e\n    \u003c/vpn_gateway\u003e\n    \u003cike\u003e\n      \u003cauthentication_protocol\u003esha1\u003c/authentication_protocol\u003e\n      \u003cencryption_protocol\u003eaes-128-cbc\u003c/encryption_protocol\u003e\n      \u003clifetime\u003e28800\u003c/lifetime\u003e\n      \u003cperfect_forward_secrecy\u003egroup2\u003c/perfect_forward_secrecy\u003e\n      \u003cmode\u003emain\u003c/mode\u003e\n      \u003cpre_shared_key\u003elD8fR0L9NAIlnt7YtYzuwIhC4D9Fa8CF\u003c/pre_shared_key\u003e\n    \u003c/ike\u003e\n    \u003cipsec\u003e\n      \u003cprotocol\u003eesp\u003c/protocol\u003e\n      \u003cauthentication_protocol\u003ehmac-sha1-96\u003c/authentication_protocol\u003e\n      \u003cencryption_protocol\u003eaes-128-cbc\u003c/encryption_protocol\u003e\n      \u003clifetime\u003e3600\u003c/lifetime\u003e\n      \u003cperfect_forward_secrecy\u003egroup2\u003c/perfect_forward_secrecy\u003e\n      \u003cmode\u003etunnel\u003c/mode\u003e\n      \u003cclear_df_bit\u003etrue\u003c/clear_df_bit\u003e\n      \u003cfragmentation_before_encryption\u003etrue\u003c/fragmentation_before_encryption\u003e\n      \u003ctcp_mss_adjustment\u003e1379\u003c/tcp_mss_adjustment\u003e\n      \u003cdead_peer_detection\u003e\n        \u003cinterval\u003e10\u003c/interval\u003e\n        \u003cretries\u003e3\u003c/retries\u003e\n      \u003c/dead_peer_detection\u003e\n    \u003c/ipsec\u003e\n  \u003c/ipsec_tunnel\u003e\n  \u003cipsec_tunnel\u003e\n    \u003ccustomer_gateway\u003e\n      \u003ctunnel_outside_address\u003e\n        \u003cip_address\u003e204.93.66.3\u003c/ip_address\u003e\n      \u003c/tunnel_outside_address\u003e\n      \u003ctunnel_inside_address\u003e\n        \u003cip_address\u003e169.254.46.118\u003c/ip_address\u003e\n        \u003cnetwork_mask\u003e255.255.255.252\u003c/network_mask\u003e\n        \u003cnetwork_cidr\u003e30\u003c/network_cidr\u003e\n      \u003c/tunnel_inside_address\u003e\n    \u003c/customer_gateway\u003e\n    \u003cvpn_gateway\u003e\n      \u003ctunnel_outside_address\u003e\n        \u003cip_address\u003e52.87.47.88\u003c/ip_address\u003e\n      \u003c/tunnel_outside_address\u003e\n      \u003ctunnel_inside_address\u003e\n        \u003cip_address\u003e169.254.46.117\u003c/ip_address\u003e\n        \u003cnetwork_mask\u003e255.255.255.252\u003c/network_mask\u003e\n        \u003cnetwork_cidr\u003e30\u003c/network_cidr\u003e\n      \u003c/tunnel_inside_address\u003e\n    \u003c/vpn_gateway\u003e\n    \u003cike\u003e\n      \u003cauthentication_protocol\u003esha1\u003c/authentication_protocol\u003e\n      \u003cencryption_protocol\u003eaes-128-cbc\u003c/encryption_protocol\u003e\n      \u003clifetime\u003e28800\u003c/lifetime\u003e\n      \u003cperfect_forward_secrecy\u003egroup2\u003c/perfect_forward_secrecy\u003e\n      \u003cmode\u003emain\u003c/mode\u003e\n      \u003cpre_shared_key\u003eY8p_kLq03nYAmCEDce8GHGmVUCG_ldmE\u003c/pre_shared_key\u003e\n    \u003c/ike\u003e\n    \u003cipsec\u003e\n      \u003cprotocol\u003eesp\u003c/protocol\u003e\n      \u003cauthentication_protocol\u003ehmac-sha1-96\u003c/authentication_protocol\u003e\n      \u003cencryption_protocol\u003eaes-128-cbc\u003c/encryption_protocol\u003e\n      \u003clifetime\u003e3600\u003c/lifetime\u003e\n      \u003cperfect_forward_secrecy\u003egroup2\u003c/perfect_forward_secrecy\u003e\n      \u003cmode\u003etunnel\u003c/mode\u003e\n      \u003cclear_df_bit\u003etrue\u003c/clear_df_bit\u003e\n      \u003cfragmentation_before_encryption\u003etrue\u003c/fragmentation_before_encryption\u003e\n      \u003ctcp_mss_adjustment\u003e1379\u003c/tcp_mss_adjustment\u003e\n      \u003cdead_peer_detection\u003e\n        \u003cinterval\u003e10\u003c/interval\u003e\n        \u003cretries\u003e3\u003c/retries\u003e\n      \u003c/dead_peer_detection\u003e\n    \u003c/ipsec\u003e\n  \u003c/ipsec_tunnel\u003e\n\u003c/vpn_connection\u003e",
                            "customer_gateway_id": "cgw-d5b65cbc",
                            "id": "vpn-899d8ee8",
                            "routes.#": "8",
                            "routes.1662141942.destination_cidr_block": "10.46.0.0/16",
                            "routes.1662141942.source": "",
                            "routes.1662141942.state": "available",
                            "routes.1720902168.destination_cidr_block": "10.61.0.0/16",
                            "routes.1720902168.source": "",
                            "routes.1720902168.state": "available",
                            "routes.1856423114.destination_cidr_block": "10.5.0.0/16",
                            "routes.1856423114.source": "",
                            "routes.1856423114.state": "available",
                            "routes.2664906423.destination_cidr_block": "10.84.0.0/16",
                            "routes.2664906423.source": "",
                            "routes.2664906423.state": "available",
                            "routes.2758324806.destination_cidr_block": "10.7.0.0/16",
                            "routes.2758324806.source": "",
                            "routes.2758324806.state": "available",
                            "routes.3042832040.destination_cidr_block": "10.81.0.0/16",
                            "routes.3042832040.source": "",
                            "routes.3042832040.state": "available",
                            "routes.3239020800.destination_cidr_block": "10.6.0.0/16",
                            "routes.3239020800.source": "",
                            "routes.3239020800.state": "available",
                            "routes.452240226.destination_cidr_block": "10.82.0.0/16",
                            "routes.452240226.source": "",
                            "routes.452240226.state": "available",
                            "static_routes_only": "true",
                            "tags.%": "5",
                            "tags.Name": "pipeline-jive-corp-vpn",
                            "tags.account_name": "jive-microservices-pipeline",
                            "tags.pipeline_phase": "pipeline",
                            "tags.region": "us-east-1",
                            "tags.sla": "non-prod",
                            "tunnel1_address": "52.73.244.74",
                            "tunnel1_preshared_key": "lD8fR0L9NAIlnt7YtYzuwIhC4D9Fa8CF",
                            "tunnel2_address": "52.87.47.88",
                            "tunnel2_preshared_key": "Y8p_kLq03nYAmCEDce8GHGmVUCG_ldmE",
                            "type": "ipsec.1",
                            "vgw_telemetry.#": "2",
                            "vgw_telemetry.3885076780.accepted_route_count": "8",
                            "vgw_telemetry.3885076780.last_status_change": "2017-09-14 22:42:26 +0000 UTC",
                            "vgw_telemetry.3885076780.outside_ip_address": "52.87.47.88",
                            "vgw_telemetry.3885076780.status": "DOWN",
                            "vgw_telemetry.3885076780.status_message": "",
                            "vgw_telemetry.591358682.accepted_route_count": "8",
                            "vgw_telemetry.591358682.last_status_change": "2017-09-14 22:41:32 +0000 UTC",
                            "vgw_telemetry.591358682.outside_ip_address": "52.73.244.74",
                            "vgw_telemetry.591358682.status": "DOWN",
                            "vgw_telemetry.591358682.status_message": "",
                            "vpn_gateway_id": "vgw-ad8e65c4"
                        },
                        "meta": {},
                        "tainted": false
                    },
                    "deposed": [],
                    "provider": ""
                },
                "aws_vpn_connection.main": {
                    "type": "aws_vpn_connection",
                    "depends_on": [
                        "aws_vpn_gateway.vgw"
                    ],
                    "primary": {
                        "id": "vpn-5b697a3a",
                        "attributes": {
                            "customer_gateway_configuration": "\u003c?xml version=\"1.0\" encoding=\"UTF-8\"?\u003e\n\u003cvpn_connection id=\"vpn-5b697a3a\"\u003e\n  \u003ccustomer_gateway_id\u003ecgw-d89d76b1\u003c/customer_gateway_id\u003e\n  \u003cvpn_gateway_id\u003evgw-ad8e65c4\u003c/vpn_gateway_id\u003e\n  \u003cvpn_connection_type\u003eipsec.1\u003c/vpn_connection_type\u003e\n  \u003cipsec_tunnel\u003e\n    \u003ccustomer_gateway\u003e\n      \u003ctunnel_outside_address\u003e\n        \u003cip_address\u003e204.93.64.130\u003c/ip_address\u003e\n      \u003c/tunnel_outside_address\u003e\n      \u003ctunnel_inside_address\u003e\n        \u003cip_address\u003e169.254.46.14\u003c/ip_address\u003e\n        \u003cnetwork_mask\u003e255.255.255.252\u003c/network_mask\u003e\n        \u003cnetwork_cidr\u003e30\u003c/network_cidr\u003e\n      \u003c/tunnel_inside_address\u003e\n      \u003cbgp\u003e\n        \u003casn\u003e13364\u003c/asn\u003e\n        \u003chold_time\u003e30\u003c/hold_time\u003e\n      \u003c/bgp\u003e\n    \u003c/customer_gateway\u003e\n    \u003cvpn_gateway\u003e\n      \u003ctunnel_outside_address\u003e\n        \u003cip_address\u003e34.206.205.188\u003c/ip_address\u003e\n      \u003c/tunnel_outside_address\u003e\n      \u003ctunnel_inside_address\u003e\n        \u003cip_address\u003e169.254.46.13\u003c/ip_address\u003e\n        \u003cnetwork_mask\u003e255.255.255.252\u003c/network_mask\u003e\n        \u003cnetwork_cidr\u003e30\u003c/network_cidr\u003e\n      \u003c/tunnel_inside_address\u003e\n      \u003cbgp\u003e\n        \u003casn\u003e7224\u003c/asn\u003e\n        \u003chold_time\u003e30\u003c/hold_time\u003e\n      \u003c/bgp\u003e\n    \u003c/vpn_gateway\u003e\n    \u003cike\u003e\n      \u003cauthentication_protocol\u003esha1\u003c/authentication_protocol\u003e\n      \u003cencryption_protocol\u003eaes-128-cbc\u003c/encryption_protocol\u003e\n      \u003clifetime\u003e28800\u003c/lifetime\u003e\n      \u003cperfect_forward_secrecy\u003egroup2\u003c/perfect_forward_secrecy\u003e\n      \u003cmode\u003emain\u003c/mode\u003e\n      \u003cpre_shared_key\u003eVIDVRV4dJKWweFDppzj9RjyRPe5MhhjD\u003c/pre_shared_key\u003e\n    \u003c/ike\u003e\n    \u003cipsec\u003e\n      \u003cprotocol\u003eesp\u003c/protocol\u003e\n      \u003cauthentication_protocol\u003ehmac-sha1-96\u003c/authentication_protocol\u003e\n      \u003cencryption_protocol\u003eaes-128-cbc\u003c/encryption_protocol\u003e\n      \u003clifetime\u003e3600\u003c/lifetime\u003e\n      \u003cperfect_forward_secrecy\u003egroup2\u003c/perfect_forward_secrecy\u003e\n      \u003cmode\u003etunnel\u003c/mode\u003e\n      \u003cclear_df_bit\u003etrue\u003c/clear_df_bit\u003e\n      \u003cfragmentation_before_encryption\u003etrue\u003c/fragmentation_before_encryption\u003e\n      \u003ctcp_mss_adjustment\u003e1379\u003c/tcp_mss_adjustment\u003e\n      \u003cdead_peer_detection\u003e\n        \u003cinterval\u003e10\u003c/interval\u003e\n        \u003cretries\u003e3\u003c/retries\u003e\n      \u003c/dead_peer_detection\u003e\n    \u003c/ipsec\u003e\n  \u003c/ipsec_tunnel\u003e\n  \u003cipsec_tunnel\u003e\n    \u003ccustomer_gateway\u003e\n      \u003ctunnel_outside_address\u003e\n        \u003cip_address\u003e204.93.64.130\u003c/ip_address\u003e\n      \u003c/tunnel_outside_address\u003e\n      \u003ctunnel_inside_address\u003e\n        \u003cip_address\u003e169.254.47.94\u003c/ip_address\u003e\n        \u003cnetwork_mask\u003e255.255.255.252\u003c/network_mask\u003e\n        \u003cnetwork_cidr\u003e30\u003c/network_cidr\u003e\n      \u003c/tunnel_inside_address\u003e\n      \u003cbgp\u003e\n        \u003casn\u003e13364\u003c/asn\u003e\n        \u003chold_time\u003e30\u003c/hold_time\u003e\n      \u003c/bgp\u003e\n    \u003c/customer_gateway\u003e\n    \u003cvpn_gateway\u003e\n      \u003ctunnel_outside_address\u003e\n        \u003cip_address\u003e52.202.135.186\u003c/ip_address\u003e\n      \u003c/tunnel_outside_address\u003e\n      \u003ctunnel_inside_address\u003e\n        \u003cip_address\u003e169.254.47.93\u003c/ip_address\u003e\n        \u003cnetwork_mask\u003e255.255.255.252\u003c/network_mask\u003e\n        \u003cnetwork_cidr\u003e30\u003c/network_cidr\u003e\n      \u003c/tunnel_inside_address\u003e\n      \u003cbgp\u003e\n        \u003casn\u003e7224\u003c/asn\u003e\n        \u003chold_time\u003e30\u003c/hold_time\u003e\n      \u003c/bgp\u003e\n    \u003c/vpn_gateway\u003e\n    \u003cike\u003e\n      \u003cauthentication_protocol\u003esha1\u003c/authentication_protocol\u003e\n      \u003cencryption_protocol\u003eaes-128-cbc\u003c/encryption_protocol\u003e\n      \u003clifetime\u003e28800\u003c/lifetime\u003e\n      \u003cperfect_forward_secrecy\u003egroup2\u003c/perfect_forward_secrecy\u003e\n      \u003cmode\u003emain\u003c/mode\u003e\n      \u003cpre_shared_key\u003e3M9JCsBoCFijOUFHk7AVioKMvdzwXr_U\u003c/pre_shared_key\u003e\n    \u003c/ike\u003e\n    \u003cipsec\u003e\n      \u003cprotocol\u003eesp\u003c/protocol\u003e\n      \u003cauthentication_protocol\u003ehmac-sha1-96\u003c/authentication_protocol\u003e\n      \u003cencryption_protocol\u003eaes-128-cbc\u003c/encryption_protocol\u003e\n      \u003clifetime\u003e3600\u003c/lifetime\u003e\n      \u003cperfect_forward_secrecy\u003egroup2\u003c/perfect_forward_secrecy\u003e\n      \u003cmode\u003etunnel\u003c/mode\u003e\n      \u003cclear_df_bit\u003etrue\u003c/clear_df_bit\u003e\n      \u003cfragmentation_before_encryption\u003etrue\u003c/fragmentation_before_encryption\u003e\n      \u003ctcp_mss_adjustment\u003e1379\u003c/tcp_mss_adjustment\u003e\n      \u003cdead_peer_detection\u003e\n        \u003cinterval\u003e10\u003c/interval\u003e\n        \u003cretries\u003e3\u003c/retries\u003e\n      \u003c/dead_peer_detection\u003e\n    \u003c/ipsec\u003e\n  \u003c/ipsec_tunnel\u003e\n\u003c/vpn_connection\u003e",
                            "customer_gateway_id": "cgw-d89d76b1",
                            "id": "vpn-5b697a3a",
                            "routes.#": "0",
                            "static_routes_only": "false",
                            "tags.%": "5",
                            "tags.Name": "pipeline-jive-vpn",
                            "tags.account_name": "jive-microservices-pipeline",
                            "tags.pipeline_phase": "pipeline",
                            "tags.region": "us-east-1",
                            "tags.sla": "non-prod",
                            "tunnel1_address": "34.206.205.188",
                            "tunnel1_preshared_key": "VIDVRV4dJKWweFDppzj9RjyRPe5MhhjD",
                            "tunnel2_address": "52.202.135.186",
                            "tunnel2_preshared_key": "3M9JCsBoCFijOUFHk7AVioKMvdzwXr_U",
                            "type": "ipsec.1",
                            "vgw_telemetry.#": "2",
                            "vgw_telemetry.2066690343.accepted_route_count": "10",
                            "vgw_telemetry.2066690343.last_status_change": "2017-09-14 05:07:03 +0000 UTC",
                            "vgw_telemetry.2066690343.outside_ip_address": "34.206.205.188",
                            "vgw_telemetry.2066690343.status": "UP",
                            "vgw_telemetry.2066690343.status_message": "10 BGP ROUTES",
                            "vgw_telemetry.2300067561.accepted_route_count": "10",
                            "vgw_telemetry.2300067561.last_status_change": "2017-09-28 18:26:48 +0000 UTC",
                            "vgw_telemetry.2300067561.outside_ip_address": "52.202.135.186",
                            "vgw_telemetry.2300067561.status": "UP",
                            "vgw_telemetry.2300067561.status_message": "10 BGP ROUTES",
                            "vpn_gateway_id": "vgw-ad8e65c4"
                        },
                        "meta": {},
                        "tainted": false
                    },
                    "deposed": [],
                    "provider": ""
                },
                "aws_vpn_connection_route.route_10_46": {
                    "type": "aws_vpn_connection_route",
                    "depends_on": [
                        "aws_vpn_connection.corp_main"
                    ],
                    "primary": {
                        "id": "10.46.0.0/16:vpn-899d8ee8",
                        "attributes": {
                            "destination_cidr_block": "10.46.0.0/16",
                            "id": "10.46.0.0/16:vpn-899d8ee8",
                            "vpn_connection_id": "vpn-899d8ee8"
                        },
                        "meta": {},
                        "tainted": false
                    },
                    "deposed": [],
                    "provider": ""
                },
                "aws_vpn_connection_route.route_10_5": {
                    "type": "aws_vpn_connection_route",
                    "depends_on": [
                        "aws_vpn_connection.corp_main"
                    ],
                    "primary": {
                        "id": "10.5.0.0/16:vpn-899d8ee8",
                        "attributes": {
                            "destination_cidr_block": "10.5.0.0/16",
                            "id": "10.5.0.0/16:vpn-899d8ee8",
                            "vpn_connection_id": "vpn-899d8ee8"
                        },
                        "meta": {},
                        "tainted": false
                    },
                    "deposed": [],
                    "provider": ""
                },
                "aws_vpn_connection_route.route_10_6": {
                    "type": "aws_vpn_connection_route",
                    "depends_on": [
                        "aws_vpn_connection.corp_main"
                    ],
                    "primary": {
                        "id": "10.6.0.0/16:vpn-899d8ee8",
                        "attributes": {
                            "destination_cidr_block": "10.6.0.0/16",
                            "id": "10.6.0.0/16:vpn-899d8ee8",
                            "vpn_connection_id": "vpn-899d8ee8"
                        },
                        "meta": {},
                        "tainted": false
                    },
                    "deposed": [],
                    "provider": ""
                },
                "aws_vpn_connection_route.route_10_61": {
                    "type": "aws_vpn_connection_route",
                    "depends_on": [
                        "aws_vpn_connection.corp_main"
                    ],
                    "primary": {
                        "id": "10.61.0.0/16:vpn-899d8ee8",
                        "attributes": {
                            "destination_cidr_block": "10.61.0.0/16",
                            "id": "10.61.0.0/16:vpn-899d8ee8",
                            "vpn_connection_id": "vpn-899d8ee8"
                        },
                        "meta": {},
                        "tainted": false
                    },
                    "deposed": [],
                    "provider": ""
                },
                "aws_vpn_connection_route.route_10_7": {
                    "type": "aws_vpn_connection_route",
                    "depends_on": [
                        "aws_vpn_connection.corp_main"
                    ],
                    "primary": {
                        "id": "10.7.0.0/16:vpn-899d8ee8",
                        "attributes": {
                            "destination_cidr_block": "10.7.0.0/16",
                            "id": "10.7.0.0/16:vpn-899d8ee8",
                            "vpn_connection_id": "vpn-899d8ee8"
                        },
                        "meta": {},
                        "tainted": false
                    },
                    "deposed": [],
                    "provider": ""
                },
                "aws_vpn_connection_route.route_10_81": {
                    "type": "aws_vpn_connection_route",
                    "depends_on": [
                        "aws_vpn_connection.corp_main"
                    ],
                    "primary": {
                        "id": "10.81.0.0/16:vpn-899d8ee8",
                        "attributes": {
                            "destination_cidr_block": "10.81.0.0/16",
                            "id": "10.81.0.0/16:vpn-899d8ee8",
                            "vpn_connection_id": "vpn-899d8ee8"
                        },
                        "meta": {},
                        "tainted": false
                    },
                    "deposed": [],
                    "provider": ""
                },
                "aws_vpn_connection_route.route_10_82": {
                    "type": "aws_vpn_connection_route",
                    "depends_on": [
                        "aws_vpn_connection.corp_main"
                    ],
                    "primary": {
                        "id": "10.82.0.0/16:vpn-899d8ee8",
                        "attributes": {
                            "destination_cidr_block": "10.82.0.0/16",
                            "id": "10.82.0.0/16:vpn-899d8ee8",
                            "vpn_connection_id": "vpn-899d8ee8"
                        },
                        "meta": {},
                        "tainted": false
                    },
                    "deposed": [],
                    "provider": ""
                },
                "aws_vpn_connection_route.route_10_84": {
                    "type": "aws_vpn_connection_route",
                    "depends_on": [
                        "aws_vpn_connection.corp_main"
                    ],
                    "primary": {
                        "id": "10.84.0.0/16:vpn-899d8ee8",
                        "attributes": {
                            "destination_cidr_block": "10.84.0.0/16",
                            "id": "10.84.0.0/16:vpn-899d8ee8",
                            "vpn_connection_id": "vpn-899d8ee8"
                        },
                        "meta": {},
                        "tainted": false
                    },
                    "deposed": [],
                    "provider": ""
                },
                "aws_vpn_gateway.vgw": {
                    "type": "aws_vpn_gateway",
                    "depends_on": [
                        "aws_vpc.main"
                    ],
                    "primary": {
                        "id": "vgw-ad8e65c4",
                        "attributes": {
                            "id": "vgw-ad8e65c4",
                            "tags.%": "7",
                            "tags.Name": "pipeline-vgw",
                            "tags.account_name": "jive-microservices-pipeline",
                            "tags.jive_service": "infrastructure",
                            "tags.pipeline_phase": "pipeline",
                            "tags.region": "us-east-1",
                            "tags.service_component": "vpn_gateway",
                            "tags.sla": "non-prod",
                            "vpc_id": "vpc-e942d990"
                        },
                        "meta": {},
                        "tainted": false
                    },
                    "deposed": [],
                    "provider": ""
                },
                "data.aws_security_group.bastion": {
                    "type": "aws_security_group",
                    "depends_on": [],
                    "primary": {
                        "id": "sg-cd652ebc",
                        "attributes": {
                            "filter.#": "1",
                            "filter.1988431066.name": "tag:jive_service",
                            "filter.1988431066.values.#": "1",
                            "filter.1988431066.values.2480389212": "infrastructure",
                            "id": "sg-cd652ebc",
                            "name": "infra-pipeline-jive-phx-dc",
                            "tags.%": "6",
                            "tags.Name": "infra-pipeline-jive-phx-dc",
                            "tags.account_name": "jive-microservices-pipeline",
                            "tags.jive_service": "infrastructure",
                            "tags.pipeline_phase": "infra-pipeline",
                            "tags.region": "us-east-1",
                            "tags.sla": "non-prod",
                            "vpc_id": "vpc-3ce97245"
                        },
                        "meta": {},
                        "tainted": false
                    },
                    "deposed": [],
                    "provider": ""
                }
            },
            "depends_on": []
        }
    ]
}
