{
    "version": 3,
    "terraform_version": "0.9.2",
    "serial": 16,
    "lineage": "465c5068-5218-469e-b08f-34ffb34bf970",
    "modules": [
        {
            "path": [
                "root"
            ],
            "outputs": {},
            "resources": {
                "aws_autoscaling_group.k8s_etcd_asg.0": {
                    "type": "aws_autoscaling_group",
                    "depends_on": [
                        "aws_eip.k8s_etcd_eip.*",
                        "aws_launch_configuration.k8s_etcd",
                        "data.aws_subnet.natdc.*",
                        "null_resource.k8s_cluster"
                    ],
                    "primary": {
                        "id": "pipeline-joe-k8s-etcd-asg1",
                        "attributes": {
                            "arn": "arn:aws:autoscaling:us-west-2:517449413234:autoScalingGroup:8ec10b2a-735a-42f3-8775-653434d01427:autoScalingGroupName/pipeline-joe-k8s-etcd-asg1",
                            "availability_zones.#": "1",
                            "availability_zones.2487133097": "us-west-2a",
                            "default_cooldown": "300",
                            "desired_capacity": "1",
                            "force_delete": "false",
                            "health_check_grace_period": "300",
                            "health_check_type": "EC2",
                            "id": "pipeline-joe-k8s-etcd-asg1",
                            "launch_configuration": "terraform-009b81b1831e627a2f9de4c437",
                            "load_balancers.#": "0",
                            "max_size": "1",
                            "metrics_granularity": "1Minute",
                            "min_size": "1",
                            "name": "pipeline-joe-k8s-etcd-asg1",
                            "placement_group": "",
                            "protect_from_scale_in": "false",
                            "suspended_processes.#": "0",
                            "tag.#": "10",
                            "tag.1739728709.key": "Jive_service",
                            "tag.1739728709.propagate_at_launch": "true",
                            "tag.1739728709.value": "us-west-2_jive-infra-pipeline-joe",
                            "tag.1825331496.key": "K8s_cluster",
                            "tag.1825331496.propagate_at_launch": "true",
                            "tag.1825331496.value": "us-west-2_jive-infra-pipeline-joe",
                            "tag.2251784240.key": "Name",
                            "tag.2251784240.propagate_at_launch": "true",
                            "tag.2251784240.value": "pipeline-joe-k8s-etcd-instance",
                            "tag.2381543077.key": "Hostname",
                            "tag.2381543077.propagate_at_launch": "true",
                            "tag.2381543077.value": "us-west-2_jive-infra-pipeline-joe-etcd1",
                            "tag.3174008744.key": "Etcd_ip",
                            "tag.3174008744.propagate_at_launch": "true",
                            "tag.3174008744.value": "10.127.81.5",
                            "tag.3187119633.key": "Service_component",
                            "tag.3187119633.propagate_at_launch": "true",
                            "tag.3187119633.value": "etcd",
                            "tag.3340473120.key": "Pipeline_phase",
                            "tag.3340473120.propagate_at_launch": "true",
                            "tag.3340473120.value": "pipeline-joe",
                            "tag.3767096825.key": "SLA",
                            "tag.3767096825.propagate_at_launch": "true",
                            "tag.3767096825.value": "non-prod",
                            "tag.4074770484.key": "KubernetesCluster",
                            "tag.4074770484.propagate_at_launch": "true",
                            "tag.4074770484.value": "us-west-2_jive-infra-pipeline-joe",
                            "tag.4279558224.key": "Region",
                            "tag.4279558224.propagate_at_launch": "true",
                            "tag.4279558224.value": "us-west-2",
                            "target_group_arns.#": "0",
                            "termination_policies.#": "0",
                            "vpc_zone_identifier.#": "1",
                            "vpc_zone_identifier.1314426351": "subnet-5e57af17",
                            "wait_for_capacity_timeout": "10m"
                        },
                        "meta": {},
                        "tainted": false
                    },
                    "deposed": [],
                    "provider": ""
                },
                "aws_autoscaling_group.k8s_etcd_asg.1": {
                    "type": "aws_autoscaling_group",
                    "depends_on": [
                        "aws_eip.k8s_etcd_eip.*",
                        "aws_launch_configuration.k8s_etcd",
                        "data.aws_subnet.natdc.*",
                        "null_resource.k8s_cluster"
                    ],
                    "primary": {
                        "id": "pipeline-joe-k8s-etcd-asg2",
                        "attributes": {
                            "arn": "arn:aws:autoscaling:us-west-2:517449413234:autoScalingGroup:cf554701-e049-4b48-a451-d6726d742089:autoScalingGroupName/pipeline-joe-k8s-etcd-asg2",
                            "availability_zones.#": "1",
                            "availability_zones.221770259": "us-west-2b",
                            "default_cooldown": "300",
                            "desired_capacity": "1",
                            "force_delete": "false",
                            "health_check_grace_period": "300",
                            "health_check_type": "EC2",
                            "id": "pipeline-joe-k8s-etcd-asg2",
                            "launch_configuration": "terraform-009b81b1831e627a2f9de4c437",
                            "load_balancers.#": "0",
                            "max_size": "1",
                            "metrics_granularity": "1Minute",
                            "min_size": "1",
                            "name": "pipeline-joe-k8s-etcd-asg2",
                            "placement_group": "",
                            "protect_from_scale_in": "false",
                            "suspended_processes.#": "0",
                            "tag.#": "10",
                            "tag.1739728709.key": "Jive_service",
                            "tag.1739728709.propagate_at_launch": "true",
                            "tag.1739728709.value": "us-west-2_jive-infra-pipeline-joe",
                            "tag.1825331496.key": "K8s_cluster",
                            "tag.1825331496.propagate_at_launch": "true",
                            "tag.1825331496.value": "us-west-2_jive-infra-pipeline-joe",
                            "tag.2251784240.key": "Name",
                            "tag.2251784240.propagate_at_launch": "true",
                            "tag.2251784240.value": "pipeline-joe-k8s-etcd-instance",
                            "tag.2696649955.key": "Etcd_ip",
                            "tag.2696649955.propagate_at_launch": "true",
                            "tag.2696649955.value": "10.127.81.54",
                            "tag.3155913784.key": "Hostname",
                            "tag.3155913784.propagate_at_launch": "true",
                            "tag.3155913784.value": "us-west-2_jive-infra-pipeline-joe-etcd2",
                            "tag.3187119633.key": "Service_component",
                            "tag.3187119633.propagate_at_launch": "true",
                            "tag.3187119633.value": "etcd",
                            "tag.3340473120.key": "Pipeline_phase",
                            "tag.3340473120.propagate_at_launch": "true",
                            "tag.3340473120.value": "pipeline-joe",
                            "tag.3767096825.key": "SLA",
                            "tag.3767096825.propagate_at_launch": "true",
                            "tag.3767096825.value": "non-prod",
                            "tag.4074770484.key": "KubernetesCluster",
                            "tag.4074770484.propagate_at_launch": "true",
                            "tag.4074770484.value": "us-west-2_jive-infra-pipeline-joe",
                            "tag.4279558224.key": "Region",
                            "tag.4279558224.propagate_at_launch": "true",
                            "tag.4279558224.value": "us-west-2",
                            "target_group_arns.#": "0",
                            "termination_policies.#": "0",
                            "vpc_zone_identifier.#": "1",
                            "vpc_zone_identifier.893525625": "subnet-14f85973",
                            "wait_for_capacity_timeout": "10m"
                        },
                        "meta": {},
                        "tainted": false
                    },
                    "deposed": [],
                    "provider": ""
                },
                "aws_autoscaling_group.k8s_etcd_asg.2": {
                    "type": "aws_autoscaling_group",
                    "depends_on": [
                        "aws_eip.k8s_etcd_eip.*",
                        "aws_launch_configuration.k8s_etcd",
                        "data.aws_subnet.natdc.*",
                        "null_resource.k8s_cluster"
                    ],
                    "primary": {
                        "id": "pipeline-joe-k8s-etcd-asg3",
                        "attributes": {
                            "arn": "arn:aws:autoscaling:us-west-2:517449413234:autoScalingGroup:e43ab8ac-94bc-41f1-b377-dc5e7ee95e92:autoScalingGroupName/pipeline-joe-k8s-etcd-asg3",
                            "availability_zones.#": "1",
                            "availability_zones.2050015877": "us-west-2c",
                            "default_cooldown": "300",
                            "desired_capacity": "1",
                            "force_delete": "false",
                            "health_check_grace_period": "300",
                            "health_check_type": "EC2",
                            "id": "pipeline-joe-k8s-etcd-asg3",
                            "launch_configuration": "terraform-009b81b1831e627a2f9de4c437",
                            "load_balancers.#": "0",
                            "max_size": "1",
                            "metrics_granularity": "1Minute",
                            "min_size": "1",
                            "name": "pipeline-joe-k8s-etcd-asg3",
                            "placement_group": "",
                            "protect_from_scale_in": "false",
                            "suspended_processes.#": "0",
                            "tag.#": "10",
                            "tag.1739728709.key": "Jive_service",
                            "tag.1739728709.propagate_at_launch": "true",
                            "tag.1739728709.value": "us-west-2_jive-infra-pipeline-joe",
                            "tag.1825331496.key": "K8s_cluster",
                            "tag.1825331496.propagate_at_launch": "true",
                            "tag.1825331496.value": "us-west-2_jive-infra-pipeline-joe",
                            "tag.2251784240.key": "Name",
                            "tag.2251784240.propagate_at_launch": "true",
                            "tag.2251784240.value": "pipeline-joe-k8s-etcd-instance",
                            "tag.3187119633.key": "Service_component",
                            "tag.3187119633.propagate_at_launch": "true",
                            "tag.3187119633.value": "etcd",
                            "tag.3340473120.key": "Pipeline_phase",
                            "tag.3340473120.propagate_at_launch": "true",
                            "tag.3340473120.value": "pipeline-joe",
                            "tag.3767096825.key": "SLA",
                            "tag.3767096825.propagate_at_launch": "true",
                            "tag.3767096825.value": "non-prod",
                            "tag.4074770484.key": "KubernetesCluster",
                            "tag.4074770484.propagate_at_launch": "true",
                            "tag.4074770484.value": "us-west-2_jive-infra-pipeline-joe",
                            "tag.4279558224.key": "Region",
                            "tag.4279558224.propagate_at_launch": "true",
                            "tag.4279558224.value": "us-west-2",
                            "tag.443312012.key": "Hostname",
                            "tag.443312012.propagate_at_launch": "true",
                            "tag.443312012.value": "us-west-2_jive-infra-pipeline-joe-etcd3",
                            "tag.850638626.key": "Etcd_ip",
                            "tag.850638626.propagate_at_launch": "true",
                            "tag.850638626.value": "10.127.81.93",
                            "target_group_arns.#": "0",
                            "termination_policies.#": "0",
                            "vpc_zone_identifier.#": "1",
                            "vpc_zone_identifier.2291236630": "subnet-dd547485",
                            "wait_for_capacity_timeout": "10m"
                        },
                        "meta": {},
                        "tainted": false
                    },
                    "deposed": [],
                    "provider": ""
                },
                "aws_autoscaling_group.k8s_master": {
                    "type": "aws_autoscaling_group",
                    "depends_on": [
                        "aws_elb.k8s_master",
                        "aws_launch_configuration.k8s_master",
                        "null_resource.k8s_cluster"
                    ],
                    "primary": {
                        "id": "pipeline-joe-k8s-master-asg1",
                        "attributes": {
                            "arn": "arn:aws:autoscaling:us-west-2:517449413234:autoScalingGroup:ea1bbe8d-9a47-4292-be9f-334cb45cc022:autoScalingGroupName/pipeline-joe-k8s-master-asg1",
                            "availability_zones.#": "1",
                            "availability_zones.2487133097": "us-west-2a",
                            "default_cooldown": "300",
                            "desired_capacity": "1",
                            "force_delete": "false",
                            "health_check_grace_period": "300",
                            "health_check_type": "EC2",
                            "id": "pipeline-joe-k8s-master-asg1",
                            "launch_configuration": "terraform-009b81b1831e627a2f9de4c435",
                            "load_balancers.#": "1",
                            "load_balancers.2167313149": "pipeline-joe-k8s-master-elb",
                            "max_size": "1",
                            "metrics_granularity": "1Minute",
                            "min_size": "1",
                            "name": "pipeline-joe-k8s-master-asg1",
                            "placement_group": "",
                            "protect_from_scale_in": "false",
                            "suspended_processes.#": "0",
                            "tag.#": "9",
                            "tag.1739728709.key": "Jive_service",
                            "tag.1739728709.propagate_at_launch": "true",
                            "tag.1739728709.value": "us-west-2_jive-infra-pipeline-joe",
                            "tag.1825331496.key": "K8s_cluster",
                            "tag.1825331496.propagate_at_launch": "true",
                            "tag.1825331496.value": "us-west-2_jive-infra-pipeline-joe",
                            "tag.2741082689.key": "Name",
                            "tag.2741082689.propagate_at_launch": "true",
                            "tag.2741082689.value": "pipeline-joe-k8s-master-instance",
                            "tag.3116370667.key": "Service_component",
                            "tag.3116370667.propagate_at_launch": "true",
                            "tag.3116370667.value": "k8s-master",
                            "tag.3340473120.key": "Pipeline_phase",
                            "tag.3340473120.propagate_at_launch": "true",
                            "tag.3340473120.value": "pipeline-joe",
                            "tag.3767096825.key": "SLA",
                            "tag.3767096825.propagate_at_launch": "true",
                            "tag.3767096825.value": "non-prod",
                            "tag.3945325806.key": "Hostname",
                            "tag.3945325806.propagate_at_launch": "true",
                            "tag.3945325806.value": "us-west-2_jive-infra-pipeline-joe-master1",
                            "tag.4074770484.key": "KubernetesCluster",
                            "tag.4074770484.propagate_at_launch": "true",
                            "tag.4074770484.value": "us-west-2_jive-infra-pipeline-joe",
                            "tag.4279558224.key": "Region",
                            "tag.4279558224.propagate_at_launch": "true",
                            "tag.4279558224.value": "us-west-2",
                            "target_group_arns.#": "0",
                            "termination_policies.#": "0",
                            "vpc_zone_identifier.#": "1",
                            "vpc_zone_identifier.1314426351": "subnet-5e57af17",
                            "wait_for_capacity_timeout": "10m"
                        },
                        "meta": {},
                        "tainted": false
                    },
                    "deposed": [],
                    "provider": ""
                },
                "aws_autoscaling_group.k8s_worker_asg.0": {
                    "type": "aws_autoscaling_group",
                    "depends_on": [
                        "aws_launch_configuration.k8s_worker",
                        "null_resource.k8s_cluster"
                    ],
                    "primary": {
                        "id": "pipeline-joe-k8s-worker-asg1",
                        "attributes": {
                            "arn": "arn:aws:autoscaling:us-west-2:517449413234:autoScalingGroup:f9c79753-09cd-4006-a989-c49be3947a3d:autoScalingGroupName/pipeline-joe-k8s-worker-asg1",
                            "availability_zones.#": "1",
                            "availability_zones.2487133097": "us-west-2a",
                            "default_cooldown": "300",
                            "desired_capacity": "1",
                            "force_delete": "false",
                            "health_check_grace_period": "300",
                            "health_check_type": "EC2",
                            "id": "pipeline-joe-k8s-worker-asg1",
                            "launch_configuration": "terraform-009b81b1831e627a2f9de4c436",
                            "load_balancers.#": "0",
                            "max_size": "6",
                            "metrics_granularity": "1Minute",
                            "min_size": "1",
                            "name": "pipeline-joe-k8s-worker-asg1",
                            "placement_group": "",
                            "protect_from_scale_in": "false",
                            "suspended_processes.#": "0",
                            "tag.#": "9",
                            "tag.1064678377.key": "Name",
                            "tag.1064678377.propagate_at_launch": "true",
                            "tag.1064678377.value": "pipeline-joe-k8s-worker-instance",
                            "tag.1739728709.key": "Jive_service",
                            "tag.1739728709.propagate_at_launch": "true",
                            "tag.1739728709.value": "us-west-2_jive-infra-pipeline-joe",
                            "tag.1825331496.key": "K8s_cluster",
                            "tag.1825331496.propagate_at_launch": "true",
                            "tag.1825331496.value": "us-west-2_jive-infra-pipeline-joe",
                            "tag.2157698622.key": "Hostname",
                            "tag.2157698622.propagate_at_launch": "true",
                            "tag.2157698622.value": "k8s-node1",
                            "tag.228639812.key": "Service_component",
                            "tag.228639812.propagate_at_launch": "true",
                            "tag.228639812.value": "k8s-node",
                            "tag.3340473120.key": "Pipeline_phase",
                            "tag.3340473120.propagate_at_launch": "true",
                            "tag.3340473120.value": "pipeline-joe",
                            "tag.3767096825.key": "SLA",
                            "tag.3767096825.propagate_at_launch": "true",
                            "tag.3767096825.value": "non-prod",
                            "tag.4074770484.key": "KubernetesCluster",
                            "tag.4074770484.propagate_at_launch": "true",
                            "tag.4074770484.value": "us-west-2_jive-infra-pipeline-joe",
                            "tag.4279558224.key": "Region",
                            "tag.4279558224.propagate_at_launch": "true",
                            "tag.4279558224.value": "us-west-2",
                            "target_group_arns.#": "0",
                            "termination_policies.#": "0",
                            "vpc_zone_identifier.#": "1",
                            "vpc_zone_identifier.1314426351": "subnet-5e57af17",
                            "wait_for_capacity_timeout": "10m"
                        },
                        "meta": {},
                        "tainted": false
                    },
                    "deposed": [],
                    "provider": ""
                },
                "aws_autoscaling_group.k8s_worker_asg.1": {
                    "type": "aws_autoscaling_group",
                    "depends_on": [
                        "aws_launch_configuration.k8s_worker",
                        "null_resource.k8s_cluster"
                    ],
                    "primary": {
                        "id": "pipeline-joe-k8s-worker-asg2",
                        "attributes": {
                            "arn": "arn:aws:autoscaling:us-west-2:517449413234:autoScalingGroup:ba5d0085-7b70-475a-911d-7130e16f804c:autoScalingGroupName/pipeline-joe-k8s-worker-asg2",
                            "availability_zones.#": "1",
                            "availability_zones.221770259": "us-west-2b",
                            "default_cooldown": "300",
                            "desired_capacity": "1",
                            "force_delete": "false",
                            "health_check_grace_period": "300",
                            "health_check_type": "EC2",
                            "id": "pipeline-joe-k8s-worker-asg2",
                            "launch_configuration": "terraform-009b81b1831e627a2f9de4c436",
                            "load_balancers.#": "0",
                            "max_size": "6",
                            "metrics_granularity": "1Minute",
                            "min_size": "1",
                            "name": "pipeline-joe-k8s-worker-asg2",
                            "placement_group": "",
                            "protect_from_scale_in": "false",
                            "suspended_processes.#": "0",
                            "tag.#": "9",
                            "tag.1064678377.key": "Name",
                            "tag.1064678377.propagate_at_launch": "true",
                            "tag.1064678377.value": "pipeline-joe-k8s-worker-instance",
                            "tag.1739728709.key": "Jive_service",
                            "tag.1739728709.propagate_at_launch": "true",
                            "tag.1739728709.value": "us-west-2_jive-infra-pipeline-joe",
                            "tag.1825331496.key": "K8s_cluster",
                            "tag.1825331496.propagate_at_launch": "true",
                            "tag.1825331496.value": "us-west-2_jive-infra-pipeline-joe",
                            "tag.228639812.key": "Service_component",
                            "tag.228639812.propagate_at_launch": "true",
                            "tag.228639812.value": "k8s-node",
                            "tag.2977154211.key": "Hostname",
                            "tag.2977154211.propagate_at_launch": "true",
                            "tag.2977154211.value": "k8s-node2",
                            "tag.3340473120.key": "Pipeline_phase",
                            "tag.3340473120.propagate_at_launch": "true",
                            "tag.3340473120.value": "pipeline-joe",
                            "tag.3767096825.key": "SLA",
                            "tag.3767096825.propagate_at_launch": "true",
                            "tag.3767096825.value": "non-prod",
                            "tag.4074770484.key": "KubernetesCluster",
                            "tag.4074770484.propagate_at_launch": "true",
                            "tag.4074770484.value": "us-west-2_jive-infra-pipeline-joe",
                            "tag.4279558224.key": "Region",
                            "tag.4279558224.propagate_at_launch": "true",
                            "tag.4279558224.value": "us-west-2",
                            "target_group_arns.#": "0",
                            "termination_policies.#": "0",
                            "vpc_zone_identifier.#": "1",
                            "vpc_zone_identifier.893525625": "subnet-14f85973",
                            "wait_for_capacity_timeout": "10m"
                        },
                        "meta": {},
                        "tainted": false
                    },
                    "deposed": [],
                    "provider": ""
                },
                "aws_autoscaling_group.k8s_worker_asg.2": {
                    "type": "aws_autoscaling_group",
                    "depends_on": [
                        "aws_launch_configuration.k8s_worker",
                        "null_resource.k8s_cluster"
                    ],
                    "primary": {
                        "id": "pipeline-joe-k8s-worker-asg3",
                        "attributes": {
                            "arn": "arn:aws:autoscaling:us-west-2:517449413234:autoScalingGroup:54dd4f7a-b7af-4a8d-846d-2a07f7e825a1:autoScalingGroupName/pipeline-joe-k8s-worker-asg3",
                            "availability_zones.#": "1",
                            "availability_zones.2050015877": "us-west-2c",
                            "default_cooldown": "300",
                            "desired_capacity": "1",
                            "force_delete": "false",
                            "health_check_grace_period": "300",
                            "health_check_type": "EC2",
                            "id": "pipeline-joe-k8s-worker-asg3",
                            "launch_configuration": "terraform-009b81b1831e627a2f9de4c436",
                            "load_balancers.#": "0",
                            "max_size": "6",
                            "metrics_granularity": "1Minute",
                            "min_size": "1",
                            "name": "pipeline-joe-k8s-worker-asg3",
                            "placement_group": "",
                            "protect_from_scale_in": "false",
                            "suspended_processes.#": "0",
                            "tag.#": "9",
                            "tag.1064678377.key": "Name",
                            "tag.1064678377.propagate_at_launch": "true",
                            "tag.1064678377.value": "pipeline-joe-k8s-worker-instance",
                            "tag.1739728709.key": "Jive_service",
                            "tag.1739728709.propagate_at_launch": "true",
                            "tag.1739728709.value": "us-west-2_jive-infra-pipeline-joe",
                            "tag.1825331496.key": "K8s_cluster",
                            "tag.1825331496.propagate_at_launch": "true",
                            "tag.1825331496.value": "us-west-2_jive-infra-pipeline-joe",
                            "tag.228639812.key": "Service_component",
                            "tag.228639812.propagate_at_launch": "true",
                            "tag.228639812.value": "k8s-node",
                            "tag.3340473120.key": "Pipeline_phase",
                            "tag.3340473120.propagate_at_launch": "true",
                            "tag.3340473120.value": "pipeline-joe",
                            "tag.3767096825.key": "SLA",
                            "tag.3767096825.propagate_at_launch": "true",
                            "tag.3767096825.value": "non-prod",
                            "tag.386191127.key": "Hostname",
                            "tag.386191127.propagate_at_launch": "true",
                            "tag.386191127.value": "k8s-node3",
                            "tag.4074770484.key": "KubernetesCluster",
                            "tag.4074770484.propagate_at_launch": "true",
                            "tag.4074770484.value": "us-west-2_jive-infra-pipeline-joe",
                            "tag.4279558224.key": "Region",
                            "tag.4279558224.propagate_at_launch": "true",
                            "tag.4279558224.value": "us-west-2",
                            "target_group_arns.#": "0",
                            "termination_policies.#": "0",
                            "vpc_zone_identifier.#": "1",
                            "vpc_zone_identifier.2291236630": "subnet-dd547485",
                            "wait_for_capacity_timeout": "10m"
                        },
                        "meta": {},
                        "tainted": false
                    },
                    "deposed": [],
                    "provider": ""
                },
                "aws_ebs_volume.k8s_etcd_ebs.0": {
                    "type": "aws_ebs_volume",
                    "depends_on": [
                        "data.aws_availability_zones.available",
                        "null_resource.k8s_cluster"
                    ],
                    "primary": {
                        "id": "vol-0e0288dc18823b155",
                        "attributes": {
                            "availability_zone": "us-west-2a",
                            "encrypted": "true",
                            "id": "vol-0e0288dc18823b155",
                            "kms_key_id": "arn:aws:kms:us-west-2:517449413234:key/dd19ddd7-5774-4956-9345-10e4580bd22d",
                            "size": "20",
                            "snapshot_id": "",
                            "tags.%": "7",
                            "tags.Hostname": "us-west-2_jive-infra-pipeline-joe-etcd1",
                            "tags.Jive_service": "us-west-2_jive-infra-pipeline-joe",
                            "tags.Name": "pipeline-joe-k8s_etcd-instance",
                            "tags.Pipeline_phase": "pipeline-joe",
                            "tags.Region": "us-west-2",
                            "tags.SLA": "non-prod",
                            "tags.Service_component": "etcd",
                            "type": "gp2"
                        },
                        "meta": {},
                        "tainted": false
                    },
                    "deposed": [],
                    "provider": ""
                },
                "aws_ebs_volume.k8s_etcd_ebs.1": {
                    "type": "aws_ebs_volume",
                    "depends_on": [
                        "data.aws_availability_zones.available",
                        "null_resource.k8s_cluster"
                    ],
                    "primary": {
                        "id": "vol-01add67f53488cee5",
                        "attributes": {
                            "availability_zone": "us-west-2b",
                            "encrypted": "true",
                            "id": "vol-01add67f53488cee5",
                            "kms_key_id": "arn:aws:kms:us-west-2:517449413234:key/dd19ddd7-5774-4956-9345-10e4580bd22d",
                            "size": "20",
                            "snapshot_id": "",
                            "tags.%": "7",
                            "tags.Hostname": "us-west-2_jive-infra-pipeline-joe-etcd2",
                            "tags.Jive_service": "us-west-2_jive-infra-pipeline-joe",
                            "tags.Name": "pipeline-joe-k8s_etcd-instance",
                            "tags.Pipeline_phase": "pipeline-joe",
                            "tags.Region": "us-west-2",
                            "tags.SLA": "non-prod",
                            "tags.Service_component": "etcd",
                            "type": "gp2"
                        },
                        "meta": {},
                        "tainted": false
                    },
                    "deposed": [],
                    "provider": ""
                },
                "aws_ebs_volume.k8s_etcd_ebs.2": {
                    "type": "aws_ebs_volume",
                    "depends_on": [
                        "data.aws_availability_zones.available",
                        "null_resource.k8s_cluster"
                    ],
                    "primary": {
                        "id": "vol-0e348336d04ca3a05",
                        "attributes": {
                            "availability_zone": "us-west-2c",
                            "encrypted": "true",
                            "id": "vol-0e348336d04ca3a05",
                            "kms_key_id": "arn:aws:kms:us-west-2:517449413234:key/dd19ddd7-5774-4956-9345-10e4580bd22d",
                            "size": "20",
                            "snapshot_id": "",
                            "tags.%": "7",
                            "tags.Hostname": "us-west-2_jive-infra-pipeline-joe-etcd3",
                            "tags.Jive_service": "us-west-2_jive-infra-pipeline-joe",
                            "tags.Name": "pipeline-joe-k8s_etcd-instance",
                            "tags.Pipeline_phase": "pipeline-joe",
                            "tags.Region": "us-west-2",
                            "tags.SLA": "non-prod",
                            "tags.Service_component": "etcd",
                            "type": "gp2"
                        },
                        "meta": {},
                        "tainted": false
                    },
                    "deposed": [],
                    "provider": ""
                },
                "aws_ebs_volume.k8s_master": {
                    "type": "aws_ebs_volume",
                    "depends_on": [
                        "null_resource.k8s_cluster"
                    ],
                    "primary": {
                        "id": "vol-02b32964d257bb278",
                        "attributes": {
                            "availability_zone": "us-west-2a",
                            "encrypted": "true",
                            "id": "vol-02b32964d257bb278",
                            "kms_key_id": "arn:aws:kms:us-west-2:517449413234:key/dd19ddd7-5774-4956-9345-10e4580bd22d",
                            "size": "100",
                            "snapshot_id": "",
                            "tags.%": "7",
                            "tags.Hostname": "us-west-2_jive-infra-pipeline-joe-master1",
                            "tags.Jive_service": "us-west-2_jive-infra-pipeline-joe",
                            "tags.Name": "pipeline-joe-k8s_master-instance",
                            "tags.Pipeline_phase": "pipeline-joe",
                            "tags.Region": "us-west-2",
                            "tags.SLA": "non-prod",
                            "tags.Service_component": "k8s-master",
                            "type": "gp2"
                        },
                        "meta": {},
                        "tainted": false
                    },
                    "deposed": [],
                    "provider": ""
                },
                "aws_eip.k8s_etcd_eip.0": {
                    "type": "aws_eip",
                    "depends_on": [
                        "aws_network_interface.k8s_etcd"
                    ],
                    "primary": {
                        "id": "eipalloc-dec8f7b9",
                        "attributes": {
                            "association_id": "eipassoc-5467c62e",
                            "domain": "vpc",
                            "id": "eipalloc-dec8f7b9",
                            "instance": "i-01bae7a9e945459c7",
                            "network_interface": "eni-e9b1aaaa",
                            "private_ip": "10.127.81.5",
                            "public_ip": "35.167.139.71",
                            "vpc": "true"
                        },
                        "meta": {},
                        "tainted": false
                    },
                    "deposed": [],
                    "provider": ""
                },
                "aws_eip.k8s_etcd_eip.1": {
                    "type": "aws_eip",
                    "depends_on": [
                        "aws_network_interface.k8s_etcd"
                    ],
                    "primary": {
                        "id": "eipalloc-dec0ffb9",
                        "attributes": {
                            "association_id": "eipassoc-ab6ccdd1",
                            "domain": "vpc",
                            "id": "eipalloc-dec0ffb9",
                            "instance": "i-01cceacdaafcc225b",
                            "network_interface": "eni-4d89193d",
                            "private_ip": "10.127.81.54",
                            "public_ip": "52.27.143.43",
                            "vpc": "true"
                        },
                        "meta": {},
                        "tainted": false
                    },
                    "deposed": [],
                    "provider": ""
                },
                "aws_eip.k8s_etcd_eip.2": {
                    "type": "aws_eip",
                    "depends_on": [
                        "aws_network_interface.k8s_etcd"
                    ],
                    "primary": {
                        "id": "eipalloc-fcc4fb9b",
                        "attributes": {
                            "association_id": "eipassoc-786ccd02",
                            "domain": "vpc",
                            "id": "eipalloc-fcc4fb9b",
                            "instance": "i-023727d3882d20268",
                            "network_interface": "eni-fe964fad",
                            "private_ip": "10.127.81.93",
                            "public_ip": "52.33.36.126",
                            "vpc": "true"
                        },
                        "meta": {},
                        "tainted": false
                    },
                    "deposed": [],
                    "provider": ""
                },
                "aws_eip.k8s_master_eip": {
                    "type": "aws_eip",
                    "depends_on": [],
                    "primary": {
                        "id": "eipalloc-4bc4fb2c",
                        "attributes": {
                            "association_id": "eipassoc-e81f58d5",
                            "domain": "vpc",
                            "id": "eipalloc-4bc4fb2c",
                            "instance": "i-0adef8087fce8ffda",
                            "network_interface": "eni-9429ccab",
                            "private_ip": "10.127.81.20",
                            "public_ip": "52.26.66.235",
                            "vpc": "true"
                        },
                        "meta": {},
                        "tainted": false
                    },
                    "deposed": [],
                    "provider": ""
                },
                "aws_elb.k8s_master": {
                    "type": "aws_elb",
                    "depends_on": [
                        "aws_security_group.k8s_master_instance",
                        "null_resource.k8s_cluster"
                    ],
                    "primary": {
                        "id": "pipeline-joe-k8s-master-elb",
                        "attributes": {
                            "access_logs.#": "0",
                            "availability_zones.#": "1",
                            "availability_zones.2487133097": "us-west-2a",
                            "connection_draining": "false",
                            "connection_draining_timeout": "300",
                            "cross_zone_load_balancing": "true",
                            "dns_name": "internal-pipeline-joe-k8s-master-elb-1387231120.us-west-2.elb.amazonaws.com",
                            "health_check.#": "1",
                            "health_check.0.healthy_threshold": "2",
                            "health_check.0.interval": "30",
                            "health_check.0.target": "TCP:443",
                            "health_check.0.timeout": "3",
                            "health_check.0.unhealthy_threshold": "2",
                            "id": "pipeline-joe-k8s-master-elb",
                            "idle_timeout": "1800",
                            "instances.#": "1",
                            "instances.107076728": "i-0adef8087fce8ffda",
                            "internal": "true",
                            "listener.#": "1",
                            "listener.610193557.instance_port": "443",
                            "listener.610193557.instance_protocol": "tcp",
                            "listener.610193557.lb_port": "443",
                            "listener.610193557.lb_protocol": "tcp",
                            "listener.610193557.ssl_certificate_id": "",
                            "name": "pipeline-joe-k8s-master-elb",
                            "security_groups.#": "2",
                            "security_groups.3326166037": "sg-5ac14522",
                            "security_groups.3436576440": "sg-71ff7009",
                            "source_security_group": "517449413234/us-west-2_jive-infra-pipeline-joe-master-instance",
                            "source_security_group_id": "sg-71ff7009",
                            "subnets.#": "1",
                            "subnets.1314426351": "subnet-5e57af17",
                            "tags.%": "7",
                            "tags.Hostname": "us-west-2_jive-infra-pipeline-joe-master1",
                            "tags.Jive_service": "us-west-2_jive-infra-pipeline-joe",
                            "tags.Name": "pipeline-joe-k8s_master-elb",
                            "tags.Pipeline_phase": "pipeline-joe",
                            "tags.Region": "us-west-2",
                            "tags.SLA": "non-prod",
                            "tags.Service_component": "k8s-master",
                            "zone_id": "Z1H1FL5HABSF5"
                        },
                        "meta": {},
                        "tainted": false
                    },
                    "deposed": [],
                    "provider": ""
                },
                "aws_iam_instance_profile.k8s-master": {
                    "type": "aws_iam_instance_profile",
                    "depends_on": [
                        "aws_iam_role.k8s-master",
                        "null_resource.k8s_cluster"
                    ],
                    "primary": {
                        "id": "us-west-2_jive-infra-pipeline-joe-k8s-master-profile",
                        "attributes": {
                            "arn": "arn:aws:iam::517449413234:instance-profile/us-west-2_jive-infra-pipeline-joe-k8s-master-profile",
                            "id": "us-west-2_jive-infra-pipeline-joe-k8s-master-profile",
                            "name": "us-west-2_jive-infra-pipeline-joe-k8s-master-profile",
                            "path": "/",
                            "roles.#": "1",
                            "roles.1936143475": "us-west-2_jive-infra-pipeline-joe-master-role",
                            "unique_id": "AIPAIQMFCLBYMQGYKYH4G"
                        },
                        "meta": {},
                        "tainted": false
                    },
                    "deposed": [],
                    "provider": ""
                },
                "aws_iam_instance_profile.k8s-node": {
                    "type": "aws_iam_instance_profile",
                    "depends_on": [
                        "aws_iam_role.k8s-node",
                        "null_resource.k8s_cluster"
                    ],
                    "primary": {
                        "id": "us-west-2_jive-infra-pipeline-joe-k8s-node-profile",
                        "attributes": {
                            "arn": "arn:aws:iam::517449413234:instance-profile/us-west-2_jive-infra-pipeline-joe-k8s-node-profile",
                            "id": "us-west-2_jive-infra-pipeline-joe-k8s-node-profile",
                            "name": "us-west-2_jive-infra-pipeline-joe-k8s-node-profile",
                            "path": "/",
                            "roles.#": "1",
                            "roles.631849688": "us-west-2_jive-infra-pipeline-joe-node-role",
                            "unique_id": "AIPAIXSWUQ3UQB34MI3BO"
                        },
                        "meta": {},
                        "tainted": false
                    },
                    "deposed": [],
                    "provider": ""
                },
                "aws_iam_role.k8s-master": {
                    "type": "aws_iam_role",
                    "depends_on": [
                        "null_resource.k8s_cluster"
                    ],
                    "primary": {
                        "id": "us-west-2_jive-infra-pipeline-joe-master-role",
                        "attributes": {
                            "arn": "arn:aws:iam::517449413234:role/us-west-2_jive-infra-pipeline-joe-master-role",
                            "assume_role_policy": "{\"Version\":\"2012-10-17\",\"Statement\":[{\"Sid\":\"\",\"Effect\":\"Allow\",\"Principal\":{\"Service\":\"ec2.amazonaws.com\"},\"Action\":\"sts:AssumeRole\"}]}",
                            "create_date": "2017-01-30T19:53:18Z",
                            "id": "us-west-2_jive-infra-pipeline-joe-master-role",
                            "name": "us-west-2_jive-infra-pipeline-joe-master-role",
                            "path": "/",
                            "unique_id": "AROAIM7F7QZOAVJ2X2NHE"
                        },
                        "meta": {},
                        "tainted": false
                    },
                    "deposed": [],
                    "provider": ""
                },
                "aws_iam_role.k8s-node": {
                    "type": "aws_iam_role",
                    "depends_on": [
                        "null_resource.k8s_cluster"
                    ],
                    "primary": {
                        "id": "us-west-2_jive-infra-pipeline-joe-node-role",
                        "attributes": {
                            "arn": "arn:aws:iam::517449413234:role/us-west-2_jive-infra-pipeline-joe-node-role",
                            "assume_role_policy": "{\"Version\":\"2012-10-17\",\"Statement\":[{\"Sid\":\"\",\"Effect\":\"Allow\",\"Principal\":{\"Service\":\"ec2.amazonaws.com\"},\"Action\":\"sts:AssumeRole\"}]}",
                            "create_date": "2017-01-30T19:53:18Z",
                            "id": "us-west-2_jive-infra-pipeline-joe-node-role",
                            "name": "us-west-2_jive-infra-pipeline-joe-node-role",
                            "path": "/",
                            "unique_id": "AROAJCLBVVLPNRBYC3YUW"
                        },
                        "meta": {},
                        "tainted": false
                    },
                    "deposed": [],
                    "provider": ""
                },
                "aws_iam_role_policy.k8s-master": {
                    "type": "aws_iam_role_policy",
                    "depends_on": [
                        "aws_iam_role.k8s-master",
                        "null_resource.k8s_cluster"
                    ],
                    "primary": {
                        "id": "us-west-2_jive-infra-pipeline-joe-master-role:us-west-2_jive-infra-pipeline-joe-master-policy",
                        "attributes": {
                            "id": "us-west-2_jive-infra-pipeline-joe-master-role:us-west-2_jive-infra-pipeline-joe-master-policy",
                            "name": "us-west-2_jive-infra-pipeline-joe-master-policy",
                            "policy": "{\n    \"Version\": \"2012-10-17\",\n    \"Statement\": [\n        {\n            \"Effect\": \"Allow\",\n            \"Action\": [\"ec2:*\"],\n            \"Resource\": [\"*\"]\n        },\n        {\n            \"Effect\": \"Allow\",\n            \"Action\": [\"elasticloadbalancing:*\"],\n            \"Resource\": [\"*\"]\n        },\n        {\n            \"Effect\": \"Allow\",\n            \"Action\": [\n                \"ec2:Describe*\",\n                \"ec2:AttachVolume\",\n                \"ec2:DetachVolume\",\n                \"route53:ListHostedZones\",\n                \"route53:ListResourceRecordSets\",\n                \"rds:Describe*\",\n                \"elasticache:Describe*\",\n                \"s3:GetObject\",\n                \"s3:PutObject\",\n                \"s3:ListAllMyBuckets\",\n                \"s3:ListBucket\",\n                \"s3:GetBucketLocation\"\n            ],\n            \"Resource\": \"*\"\n        }\n    ]\n}\n",
                            "role": "us-west-2_jive-infra-pipeline-joe-master-role"
                        },
                        "meta": {},
                        "tainted": false
                    },
                    "deposed": [],
                    "provider": ""
                },
                "aws_iam_role_policy.k8s-node": {
                    "type": "aws_iam_role_policy",
                    "depends_on": [
                        "aws_iam_role.k8s-node",
                        "null_resource.k8s_cluster"
                    ],
                    "primary": {
                        "id": "us-west-2_jive-infra-pipeline-joe-node-role:us-west-2_jive-infra-pipeline-joe-node-policy",
                        "attributes": {
                            "id": "us-west-2_jive-infra-pipeline-joe-node-role:us-west-2_jive-infra-pipeline-joe-node-policy",
                            "name": "us-west-2_jive-infra-pipeline-joe-node-policy",
                            "policy": "{\n    \"Version\": \"2012-10-17\",\n    \"Statement\": [\n        {\n            \"Effect\": \"Allow\",\n            \"Action\": [\n                \"ec2:Describe*\",\n                \"ec2:AttachVolume\",\n                \"ec2:DetachVolume\",\n                \"ec2:AttachNetworkInterface\",\n                \"ec2:DetachNetworkInterface\",\n                \"route53:ListHostedZones\",\n                \"route53:ListResourceRecordSets\",\n                \"rds:Describe*\",\n                \"elasticache:Describe*\",\n                \"s3:GetObject\",\n                \"s3:ListAllMyBuckets\",\n                \"s3:ListBucket\",\n                \"s3:PutObject\",\n                \"s3:CreateBucket\",\n                \"s3:GetBucketLocation\"\n            ],\n            \"Resource\": \"*\"\n        }\n    ]\n}\n",
                            "role": "us-west-2_jive-infra-pipeline-joe-node-role"
                        },
                        "meta": {},
                        "tainted": false
                    },
                    "deposed": [],
                    "provider": ""
                },
                "aws_launch_configuration.k8s_etcd": {
                    "type": "aws_launch_configuration",
                    "depends_on": [],
                    "primary": {
                        "id": "terraform-009b81b1831e627a2f9de4c437",
                        "attributes": {
                            "associate_public_ip_address": "false",
                            "ebs_block_device.#": "0",
                            "ebs_optimized": "false",
                            "enable_monitoring": "true",
                            "ephemeral_block_device.#": "0",
                            "iam_instance_profile": "us-west-2_jive-infra-pipeline-joe-k8s-node-profile",
                            "id": "terraform-009b81b1831e627a2f9de4c437",
                            "image_id": "ami-4c49f22c",
                            "instance_type": "t2.medium",
                            "key_name": "infra-pipeline",
                            "name": "terraform-009b81b1831e627a2f9de4c437",
                            "root_block_device.#": "1",
                            "root_block_device.0.delete_on_termination": "true",
                            "root_block_device.0.iops": "0",
                            "root_block_device.0.volume_size": "20",
                            "root_block_device.0.volume_type": "gp2",
                            "security_groups.#": "2",
                            "security_groups.3326166037": "sg-5ac14522",
                            "security_groups.3356816453": "sg-60ff7018",
                            "spot_price": "",
                            "user_data": "ba7f51a47e18cca7fe962bd4f10b1d84de454a9c",
                            "vpc_classic_link_id": "",
                            "vpc_classic_link_security_groups.#": "0"
                        },
                        "meta": {},
                        "tainted": false
                    },
                    "deposed": [],
                    "provider": ""
                },
                "aws_launch_configuration.k8s_master": {
                    "type": "aws_launch_configuration",
                    "depends_on": [],
                    "primary": {
                        "id": "terraform-009b81b1831e627a2f9de4c435",
                        "attributes": {
                            "associate_public_ip_address": "false",
                            "ebs_block_device.#": "0",
                            "ebs_optimized": "false",
                            "enable_monitoring": "true",
                            "ephemeral_block_device.#": "0",
                            "iam_instance_profile": "us-west-2_jive-infra-pipeline-joe-k8s-master-profile",
                            "id": "terraform-009b81b1831e627a2f9de4c435",
                            "image_id": "ami-4c49f22c",
                            "instance_type": "t2.medium",
                            "key_name": "infra-pipeline",
                            "name": "terraform-009b81b1831e627a2f9de4c435",
                            "root_block_device.#": "1",
                            "root_block_device.0.delete_on_termination": "true",
                            "root_block_device.0.iops": "0",
                            "root_block_device.0.volume_size": "100",
                            "root_block_device.0.volume_type": "gp2",
                            "security_groups.#": "2",
                            "security_groups.3326166037": "sg-5ac14522",
                            "security_groups.3436576440": "sg-71ff7009",
                            "spot_price": "",
                            "user_data": "ba7f51a47e18cca7fe962bd4f10b1d84de454a9c",
                            "vpc_classic_link_id": "",
                            "vpc_classic_link_security_groups.#": "0"
                        },
                        "meta": {},
                        "tainted": false
                    },
                    "deposed": [],
                    "provider": ""
                },
                "aws_launch_configuration.k8s_worker": {
                    "type": "aws_launch_configuration",
                    "depends_on": [],
                    "primary": {
                        "id": "terraform-009b81b1831e627a2f9de4c436",
                        "attributes": {
                            "associate_public_ip_address": "false",
                            "ebs_block_device.#": "0",
                            "ebs_optimized": "false",
                            "enable_monitoring": "true",
                            "ephemeral_block_device.#": "0",
                            "iam_instance_profile": "us-west-2_jive-infra-pipeline-joe-k8s-node-profile",
                            "id": "terraform-009b81b1831e627a2f9de4c436",
                            "image_id": "ami-4c49f22c",
                            "instance_type": "t2.medium",
                            "key_name": "infra-pipeline",
                            "name": "terraform-009b81b1831e627a2f9de4c436",
                            "root_block_device.#": "1",
                            "root_block_device.0.delete_on_termination": "true",
                            "root_block_device.0.iops": "0",
                            "root_block_device.0.volume_size": "50",
                            "root_block_device.0.volume_type": "gp2",
                            "security_groups.#": "2",
                            "security_groups.3326166037": "sg-5ac14522",
                            "security_groups.609225010": "sg-69ff7011",
                            "spot_price": "",
                            "user_data": "ba7f51a47e18cca7fe962bd4f10b1d84de454a9c",
                            "vpc_classic_link_id": "",
                            "vpc_classic_link_security_groups.#": "0"
                        },
                        "meta": {},
                        "tainted": false
                    },
                    "deposed": [],
                    "provider": ""
                },
                "aws_network_interface.k8s_etcd.0": {
                    "type": "aws_network_interface",
                    "depends_on": [
                        "aws_security_group.k8s_etcd_instance",
                        "data.aws_subnet.natdc",
                        "null_resource.k8s_cluster"
                    ],
                    "primary": {
                        "id": "eni-e9b1aaaa",
                        "attributes": {
                            "attachment.#": "1",
                            "attachment.3471875107.attachment_id": "eni-attach-4922efa4",
                            "attachment.3471875107.device_index": "1",
                            "attachment.3471875107.instance": "i-01bae7a9e945459c7",
                            "description": "",
                            "id": "eni-e9b1aaaa",
                            "private_ips.#": "1",
                            "private_ips.4231277879": "10.127.81.5",
                            "security_groups.#": "2",
                            "security_groups.3326166037": "sg-5ac14522",
                            "security_groups.3356816453": "sg-60ff7018",
                            "source_dest_check": "true",
                            "subnet_id": "subnet-5e57af17",
                            "tags.%": "8",
                            "tags.Hostname": "us-west-2_jive-infra-pipeline-joe-etcd1",
                            "tags.Jive_service": "us-west-2_jive-infra-pipeline-joe",
                            "tags.KubernetesCluster": "us-west-2_jive-infra-pipeline-joe",
                            "tags.Name": "pipeline-joe-k8s-etcd-instance",
                            "tags.Pipeline_phase": "pipeline-joe",
                            "tags.Region": "us-west-2",
                            "tags.SLA": "non-prod",
                            "tags.Service_component": "k8s-etcd"
                        },
                        "meta": {},
                        "tainted": false
                    },
                    "deposed": [],
                    "provider": ""
                },
                "aws_network_interface.k8s_etcd.1": {
                    "type": "aws_network_interface",
                    "depends_on": [
                        "aws_security_group.k8s_etcd_instance",
                        "data.aws_subnet.natdc",
                        "null_resource.k8s_cluster"
                    ],
                    "primary": {
                        "id": "eni-4d89193d",
                        "attributes": {
                            "attachment.#": "1",
                            "attachment.820281753.attachment_id": "eni-attach-c5775e2c",
                            "attachment.820281753.device_index": "1",
                            "attachment.820281753.instance": "i-01cceacdaafcc225b",
                            "description": "",
                            "id": "eni-4d89193d",
                            "private_ips.#": "1",
                            "private_ips.1274513946": "10.127.81.54",
                            "security_groups.#": "2",
                            "security_groups.3326166037": "sg-5ac14522",
                            "security_groups.3356816453": "sg-60ff7018",
                            "source_dest_check": "true",
                            "subnet_id": "subnet-14f85973",
                            "tags.%": "8",
                            "tags.Hostname": "us-west-2_jive-infra-pipeline-joe-etcd2",
                            "tags.Jive_service": "us-west-2_jive-infra-pipeline-joe",
                            "tags.KubernetesCluster": "us-west-2_jive-infra-pipeline-joe",
                            "tags.Name": "pipeline-joe-k8s-etcd-instance",
                            "tags.Pipeline_phase": "pipeline-joe",
                            "tags.Region": "us-west-2",
                            "tags.SLA": "non-prod",
                            "tags.Service_component": "k8s-etcd"
                        },
                        "meta": {},
                        "tainted": false
                    },
                    "deposed": [],
                    "provider": ""
                },
                "aws_network_interface.k8s_etcd.2": {
                    "type": "aws_network_interface",
                    "depends_on": [
                        "aws_security_group.k8s_etcd_instance",
                        "data.aws_subnet.natdc",
                        "null_resource.k8s_cluster"
                    ],
                    "primary": {
                        "id": "eni-fe964fad",
                        "attributes": {
                            "attachment.#": "1",
                            "attachment.768136342.attachment_id": "eni-attach-4e0d7934",
                            "attachment.768136342.device_index": "1",
                            "attachment.768136342.instance": "i-023727d3882d20268",
                            "description": "",
                            "id": "eni-fe964fad",
                            "private_ips.#": "1",
                            "private_ips.2032554165": "10.127.81.93",
                            "security_groups.#": "2",
                            "security_groups.3326166037": "sg-5ac14522",
                            "security_groups.3356816453": "sg-60ff7018",
                            "source_dest_check": "true",
                            "subnet_id": "subnet-dd547485",
                            "tags.%": "8",
                            "tags.Hostname": "us-west-2_jive-infra-pipeline-joe-etcd3",
                            "tags.Jive_service": "us-west-2_jive-infra-pipeline-joe",
                            "tags.KubernetesCluster": "us-west-2_jive-infra-pipeline-joe",
                            "tags.Name": "pipeline-joe-k8s-etcd-instance",
                            "tags.Pipeline_phase": "pipeline-joe",
                            "tags.Region": "us-west-2",
                            "tags.SLA": "non-prod",
                            "tags.Service_component": "k8s-etcd"
                        },
                        "meta": {},
                        "tainted": false
                    },
                    "deposed": [],
                    "provider": ""
                },
                "aws_s3_bucket.logging": {
                    "type": "aws_s3_bucket",
                    "depends_on": [
                        "data.aws_iam_policy_document.logging"
                    ],
                    "primary": {
                        "id": "us-west-2-jive-infra-pipeline-joe-logs",
                        "attributes": {
                            "acceleration_status": "",
                            "acl": "private",
                            "arn": "arn:aws:s3:::us-west-2-jive-infra-pipeline-joe-logs",
                            "bucket": "us-west-2-jive-infra-pipeline-joe-logs",
                            "bucket_domain_name": "us-west-2-jive-infra-pipeline-joe-logs.s3.amazonaws.com",
                            "force_destroy": "false",
                            "hosted_zone_id": "Z3BJ6K6RIION7M",
                            "id": "us-west-2-jive-infra-pipeline-joe-logs",
                            "policy": "{\"Statement\":[{\"Action\":\"s3:PutObject\",\"Effect\":\"Allow\",\"Principal\":{\"AWS\":[\"arn:aws:iam::517449413234:role/us-west-2_jive-infra-pipeline-joe-master-role\",\"arn:aws:iam::517449413234:role/us-west-2_jive-infra-pipeline-joe-node-role\"]},\"Resource\":\"arn:aws:s3:::us-west-2-jive-infra-pipeline-joe-logs/*\",\"Sid\":\"Logs\"}],\"Version\":\"2012-10-17\"}",
                            "region": "us-west-2",
                            "request_payer": "BucketOwner",
                            "tags.%": "5",
                            "tags.KubernetesCluster": "us-west-2_jive-infra-pipeline-joe",
                            "tags.Name": "us-west-2-jive-infra-pipeline-joe-logs",
                            "tags.pipeline_phase": "pipeline-joe",
                            "tags.region": "us-west-2",
                            "tags.service_component": "logs",
                            "versioning.#": "1",
                            "versioning.0.enabled": "false",
                            "versioning.0.mfa_delete": "false",
                            "website.#": "0"
                        },
                        "meta": {},
                        "tainted": false
                    },
                    "deposed": [],
                    "provider": ""
                },
                "aws_security_group.k8s_etcd_instance": {
                    "type": "aws_security_group",
                    "depends_on": [
                        "aws_security_group.k8s_master_instance",
                        "aws_security_group.k8s_worker_instance",
                        "null_resource.k8s_cluster"
                    ],
                    "primary": {
                        "id": "sg-60ff7018",
                        "attributes": {
                            "description": "Access to K8S etcd nodes",
                            "egress.#": "0",
                            "id": "sg-60ff7018",
                            "ingress.#": "2",
                            "ingress.2415491578.cidr_blocks.#": "0",
                            "ingress.2415491578.from_port": "2379",
                            "ingress.2415491578.ipv6_cidr_blocks.#": "0",
                            "ingress.2415491578.protocol": "tcp",
                            "ingress.2415491578.security_groups.#": "2",
                            "ingress.2415491578.security_groups.3436576440": "sg-71ff7009",
                            "ingress.2415491578.security_groups.609225010": "sg-69ff7011",
                            "ingress.2415491578.self": "true",
                            "ingress.2415491578.to_port": "2379",
                            "ingress.2877827936.cidr_blocks.#": "0",
                            "ingress.2877827936.from_port": "2380",
                            "ingress.2877827936.ipv6_cidr_blocks.#": "0",
                            "ingress.2877827936.protocol": "tcp",
                            "ingress.2877827936.security_groups.#": "2",
                            "ingress.2877827936.security_groups.3436576440": "sg-71ff7009",
                            "ingress.2877827936.security_groups.609225010": "sg-69ff7011",
                            "ingress.2877827936.self": "true",
                            "ingress.2877827936.to_port": "2380",
                            "name": "us-west-2_jive-infra-pipeline-joe-kubernetes-etcd-instance",
                            "owner_id": "517449413234",
                            "tags.%": "6",
                            "tags.Name": "us-west-2_jive-infra-pipeline-joe-etcd-instance",
                            "tags.jive_service": "k8s",
                            "tags.pipeline_phase": "pipeline-joe",
                            "tags.region": "us-west-2",
                            "tags.service_component": "k8s-etcd",
                            "tags.sla": "non-prod",
                            "vpc_id": "vpc-7271f315"
                        },
                        "meta": {},
                        "tainted": false
                    },
                    "deposed": [],
                    "provider": ""
                },
                "aws_security_group.k8s_master_instance": {
                    "type": "aws_security_group",
                    "depends_on": [
                        "null_resource.k8s_cluster"
                    ],
                    "primary": {
                        "id": "sg-71ff7009",
                        "attributes": {
                            "description": "Access to K8S Master nodes",
                            "egress.#": "0",
                            "id": "sg-71ff7009",
                            "ingress.#": "4",
                            "ingress.1095148109.cidr_blocks.#": "0",
                            "ingress.1095148109.from_port": "0",
                            "ingress.1095148109.ipv6_cidr_blocks.#": "0",
                            "ingress.1095148109.protocol": "-1",
                            "ingress.1095148109.security_groups.#": "1",
                            "ingress.1095148109.security_groups.609225010": "sg-69ff7011",
                            "ingress.1095148109.self": "false",
                            "ingress.1095148109.to_port": "0",
                            "ingress.2885713073.cidr_blocks.#": "1",
                            "ingress.2885713073.cidr_blocks.0": "10.0.0.0/8",
                            "ingress.2885713073.from_port": "8080",
                            "ingress.2885713073.ipv6_cidr_blocks.#": "0",
                            "ingress.2885713073.protocol": "tcp",
                            "ingress.2885713073.security_groups.#": "0",
                            "ingress.2885713073.self": "true",
                            "ingress.2885713073.to_port": "8080",
                            "ingress.3255757838.cidr_blocks.#": "0",
                            "ingress.3255757838.from_port": "8472",
                            "ingress.3255757838.ipv6_cidr_blocks.#": "0",
                            "ingress.3255757838.protocol": "udp",
                            "ingress.3255757838.security_groups.#": "1",
                            "ingress.3255757838.security_groups.3312350976": "sg-d7198eac",
                            "ingress.3255757838.self": "false",
                            "ingress.3255757838.to_port": "8472",
                            "ingress.691539513.cidr_blocks.#": "1",
                            "ingress.691539513.cidr_blocks.0": "10.0.0.0/8",
                            "ingress.691539513.from_port": "443",
                            "ingress.691539513.ipv6_cidr_blocks.#": "0",
                            "ingress.691539513.protocol": "tcp",
                            "ingress.691539513.security_groups.#": "0",
                            "ingress.691539513.self": "true",
                            "ingress.691539513.to_port": "443",
                            "name": "us-west-2_jive-infra-pipeline-joe-master-instance",
                            "owner_id": "517449413234",
                            "tags.%": "6",
                            "tags.Name": "us-west-2_jive-infra-pipeline-joe-master-instance",
                            "tags.jive_service": "k8s",
                            "tags.pipeline_phase": "pipeline-joe",
                            "tags.region": "us-west-2",
                            "tags.service_component": "k8s-master",
                            "tags.sla": "non-prod",
                            "vpc_id": "vpc-7271f315"
                        },
                        "meta": {},
                        "tainted": false
                    },
                    "deposed": [],
                    "provider": ""
                },
                "aws_security_group.k8s_worker_instance": {
                    "type": "aws_security_group",
                    "depends_on": [
                        "aws_security_group.k8s_master_instance",
                        "null_resource.k8s_cluster"
                    ],
                    "primary": {
                        "id": "sg-69ff7011",
                        "attributes": {
                            "description": "Allow traffic to K8S worker nodes",
                            "egress.#": "0",
                            "id": "sg-69ff7011",
                            "ingress.#": "3",
                            "ingress.1064027916.cidr_blocks.#": "1",
                            "ingress.1064027916.cidr_blocks.0": "10.127.81.0/24",
                            "ingress.1064027916.from_port": "30000",
                            "ingress.1064027916.ipv6_cidr_blocks.#": "0",
                            "ingress.1064027916.protocol": "tcp",
                            "ingress.1064027916.security_groups.#": "0",
                            "ingress.1064027916.self": "false",
                            "ingress.1064027916.to_port": "32767",
                            "ingress.3255757838.cidr_blocks.#": "0",
                            "ingress.3255757838.from_port": "8472",
                            "ingress.3255757838.ipv6_cidr_blocks.#": "0",
                            "ingress.3255757838.protocol": "udp",
                            "ingress.3255757838.security_groups.#": "1",
                            "ingress.3255757838.security_groups.3312350976": "sg-d7198eac",
                            "ingress.3255757838.self": "false",
                            "ingress.3255757838.to_port": "8472",
                            "ingress.3941177941.cidr_blocks.#": "0",
                            "ingress.3941177941.from_port": "0",
                            "ingress.3941177941.ipv6_cidr_blocks.#": "0",
                            "ingress.3941177941.protocol": "-1",
                            "ingress.3941177941.security_groups.#": "1",
                            "ingress.3941177941.security_groups.3436576440": "sg-71ff7009",
                            "ingress.3941177941.self": "true",
                            "ingress.3941177941.to_port": "0",
                            "name": "us-west-2_jive-infra-pipeline-joe-worker-instance",
                            "owner_id": "517449413234",
                            "tags.%": "7",
                            "tags.KubernetesCluster": "us-west-2_jive-infra-pipeline-joe",
                            "tags.Name": "us-west-2_jive-infra-pipeline-joe-worker-instance",
                            "tags.jive_service": "k8s",
                            "tags.pipeline_phase": "pipeline-joe",
                            "tags.region": "us-west-2",
                            "tags.service_component": "k8s-worker",
                            "tags.sla": "non-prod",
                            "vpc_id": "vpc-7271f315"
                        },
                        "meta": {},
                        "tainted": false
                    },
                    "deposed": [],
                    "provider": ""
                },
                "aws_security_group_rule.k8s_etcd_instance": {
                    "type": "aws_security_group_rule",
                    "depends_on": [
                        "aws_security_group.k8s_etcd_instance",
                        "aws_security_group.k8s_master_instance"
                    ],
                    "primary": {
                        "id": "sgrule-360118035",
                        "attributes": {
                            "from_port": "0",
                            "id": "sgrule-360118035",
                            "protocol": "-1",
                            "security_group_id": "sg-60ff7018",
                            "self": "false",
                            "source_security_group_id": "sg-71ff7009",
                            "to_port": "0",
                            "type": "ingress"
                        },
                        "meta": {
                            "schema_version": "2"
                        },
                        "tainted": false
                    },
                    "deposed": [],
                    "provider": ""
                },
                "aws_security_group_rule.k8s_master_instance": {
                    "type": "aws_security_group_rule",
                    "depends_on": [
                        "aws_security_group.k8s_master_instance",
                        "aws_security_group.k8s_worker_instance"
                    ],
                    "primary": {
                        "id": "sgrule-3111788647",
                        "attributes": {
                            "cidr_blocks.#": "0",
                            "from_port": "0",
                            "id": "sgrule-3111788647",
                            "ipv6_cidr_blocks.#": "0",
                            "prefix_list_ids.#": "0",
                            "protocol": "-1",
                            "security_group_id": "sg-71ff7009",
                            "self": "false",
                            "source_security_group_id": "sg-69ff7011",
                            "to_port": "0",
                            "type": "ingress"
                        },
                        "meta": {
                            "schema_version": "2"
                        },
                        "tainted": false
                    },
                    "deposed": [],
                    "provider": ""
                },
                "aws_security_group_rule.k8s_worker_instance": {
                    "type": "aws_security_group_rule",
                    "depends_on": [
                        "aws_security_group.k8s_worker_instance"
                    ],
                    "primary": {
                        "id": "sgrule-3575538023",
                        "attributes": {
                            "cidr_blocks.#": "1",
                            "cidr_blocks.0": "10.127.81.0/24",
                            "from_port": "30000",
                            "id": "sgrule-3575538023",
                            "ipv6_cidr_blocks.#": "0",
                            "prefix_list_ids.#": "0",
                            "protocol": "tcp",
                            "security_group_id": "sg-69ff7011",
                            "self": "false",
                            "to_port": "32767",
                            "type": "ingress"
                        },
                        "meta": {
                            "schema_version": "2"
                        },
                        "tainted": false
                    },
                    "deposed": [],
                    "provider": ""
                },
                "data.aws_availability_zones.available": {
                    "type": "aws_availability_zones",
                    "depends_on": [],
                    "primary": {
                        "id": "2017-06-30 22:36:01.989024142 +0000 UTC",
                        "attributes": {
                            "id": "2017-06-30 22:36:01.989024142 +0000 UTC",
                            "names.#": "3",
                            "names.0": "us-west-2a",
                            "names.1": "us-west-2b",
                            "names.2": "us-west-2c"
                        },
                        "meta": {},
                        "tainted": false
                    },
                    "deposed": [],
                    "provider": ""
                },
                "data.aws_iam_policy_document.logging": {
                    "type": "aws_iam_policy_document",
                    "depends_on": [
                        "aws_iam_role.k8s-master",
                        "aws_iam_role.k8s-node"
                    ],
                    "primary": {
                        "id": "1874303235",
                        "attributes": {
                            "id": "1874303235",
                            "json": "{\n  \"Version\": \"2012-10-17\",\n  \"Statement\": [\n    {\n      \"Sid\": \"Logs\",\n      \"Effect\": \"Allow\",\n      \"Action\": \"s3:PutObject\",\n      \"Resource\": \"arn:aws:s3:::us-west-2-jive-infra-pipeline-joe-logs/*\",\n      \"Principal\": {\n        \"AWS\": [\n          \"arn:aws:iam::517449413234:role/us-west-2_jive-infra-pipeline-joe-node-role\",\n          \"arn:aws:iam::517449413234:role/us-west-2_jive-infra-pipeline-joe-master-role\"\n        ]\n      }\n    }\n  ]\n}",
                            "statement.#": "1",
                            "statement.0.actions.#": "1",
                            "statement.0.actions.315547055": "s3:PutObject",
                            "statement.0.condition.#": "0",
                            "statement.0.effect": "Allow",
                            "statement.0.not_actions.#": "0",
                            "statement.0.not_principals.#": "0",
                            "statement.0.not_resources.#": "0",
                            "statement.0.principals.#": "1",
                            "statement.0.principals.1472798239.identifiers.#": "2",
                            "statement.0.principals.1472798239.identifiers.2371876488": "arn:aws:iam::517449413234:role/us-west-2_jive-infra-pipeline-joe-master-role",
                            "statement.0.principals.1472798239.identifiers.2840008375": "arn:aws:iam::517449413234:role/us-west-2_jive-infra-pipeline-joe-node-role",
                            "statement.0.principals.1472798239.type": "AWS",
                            "statement.0.resources.#": "1",
                            "statement.0.resources.3086357173": "arn:aws:s3:::us-west-2-jive-infra-pipeline-joe-logs/*",
                            "statement.0.sid": "Logs"
                        },
                        "meta": {},
                        "tainted": false
                    },
                    "deposed": [],
                    "provider": ""
                },
                "data.aws_subnet.natdc.0": {
                    "type": "aws_subnet",
                    "depends_on": [
                        "data.aws_availability_zones.available"
                    ],
                    "primary": {
                        "id": "subnet-5e57af17",
                        "attributes": {
                            "availability_zone": "us-west-2a",
                            "cidr_block": "10.127.81.0/27",
                            "default_for_az": "false",
                            "id": "subnet-5e57af17",
                            "state": "available",
                            "tags.%": "7",
                            "tags.KubernetesCluster": "us-west-2_jive-infra-pipeline-joe",
                            "tags.Name": "pipeline-joe-natdc-subnet",
                            "tags.account_name": "jive-infra-pipeline",
                            "tags.kubernetes.io/role/internal-elb": "us-west-2_jive-infra-pipeline-joe",
                            "tags.pipeline_phase": "pipeline-joe",
                            "tags.region": "us-west-2",
                            "tags.sla": "non-prod",
                            "vpc_id": "vpc-7271f315"
                        },
                        "meta": {},
                        "tainted": false
                    },
                    "deposed": [],
                    "provider": ""
                },
                "data.aws_subnet.natdc.1": {
                    "type": "aws_subnet",
                    "depends_on": [
                        "data.aws_availability_zones.available"
                    ],
                    "primary": {
                        "id": "subnet-14f85973",
                        "attributes": {
                            "availability_zone": "us-west-2b",
                            "cidr_block": "10.127.81.32/27",
                            "default_for_az": "false",
                            "id": "subnet-14f85973",
                            "state": "available",
                            "tags.%": "7",
                            "tags.KubernetesCluster": "us-west-2_jive-infra-pipeline-joe",
                            "tags.Name": "pipeline-joe-natdc-subnet",
                            "tags.account_name": "jive-infra-pipeline",
                            "tags.kubernetes.io/role/internal-elb": "us-west-2_jive-infra-pipeline-joe",
                            "tags.pipeline_phase": "pipeline-joe",
                            "tags.region": "us-west-2",
                            "tags.sla": "non-prod",
                            "vpc_id": "vpc-7271f315"
                        },
                        "meta": {},
                        "tainted": false
                    },
                    "deposed": [],
                    "provider": ""
                },
                "data.aws_subnet.natdc.2": {
                    "type": "aws_subnet",
                    "depends_on": [
                        "data.aws_availability_zones.available"
                    ],
                    "primary": {
                        "id": "subnet-dd547485",
                        "attributes": {
                            "availability_zone": "us-west-2c",
                            "cidr_block": "10.127.81.64/27",
                            "default_for_az": "false",
                            "id": "subnet-dd547485",
                            "state": "available",
                            "tags.%": "7",
                            "tags.KubernetesCluster": "us-west-2_jive-infra-pipeline-joe",
                            "tags.Name": "pipeline-joe-natdc-subnet",
                            "tags.account_name": "jive-infra-pipeline",
                            "tags.kubernetes.io/role/internal-elb": "us-west-2_jive-infra-pipeline-joe",
                            "tags.pipeline_phase": "pipeline-joe",
                            "tags.region": "us-west-2",
                            "tags.sla": "non-prod",
                            "vpc_id": "vpc-7271f315"
                        },
                        "meta": {},
                        "tainted": false
                    },
                    "deposed": [],
                    "provider": ""
                },
                "data.template_file.cloud_config": {
                    "type": "template_file",
                    "depends_on": [
                        "aws_eip.k8s_master_eip",
                        "aws_elb.k8s_master",
                        "null_resource.k8s_cluster"
                    ],
                    "primary": {
                        "id": "4b39de966b920f1e69da6ab5228ba49fc5f238af450a37942288b53ce1e512d1",
                        "attributes": {
                            "id": "4b39de966b920f1e69da6ab5228ba49fc5f238af450a37942288b53ce1e512d1",
                            "rendered": "#cloud-config\ncoreos:\n  units:\n    - name: bootstrap.service\n      command: start\n      content: |\n        [Unit]\n        Requires=early-docker.service\n        After=early-docker.service\n        Description=Bootstraps the node\n        [Service]\n        Environment=\"DOCKER_HOST=unix:///var/run/early-docker.sock\"\n        Type=oneshot\n        RemainAfterExit=yes\n        ExecStart=/root/bootstrap.sh\n    - name: settimezone.service\n      command: start\n      content: |\n        [Unit]\n        Description=Set the timezone\n        [Service]\n        ExecStart=/usr/bin/timedatectl set-timezone UTC\n        RemainAfterExit=yes\n        Type=oneshot\nupdate:\n    reboot-strategy: off\nssh_authorized_keys:\n  - AAAAB3NzaC1yc2EAAAADAQABAAABAQDdUn7MngzRWLusJ+9S2MSibbJjkxV0fa5D6fUKJnGuYHxgL3vpMi+TLWRUIFv9tmBIxard8nS4/mNu6P0ENm5LmkAYPJngEMbCoQmpk89tbQIrlZrhr5FffP3fJfxzahEtYjEtNuBQuuMwrXN3hvuehVGWEu1lFG6WLYnejL0au2L4CJhCoV2g+b/uqTjsFVHhbGWvuazYL9SJmH2mWqEnbj2tj7goemU88bycisrMIvpKVWhu02KM2FUHgPwtoENi909LTpiD/y+3FzBwa7cpMNjmTmrzPbJTZ7gNNzSpPWHtCejE/B06+7lxSzbeRQP6q1Xb++bcVWODvh6qCb4b\nwrite_files:\n  - path: /etc/hosts\n    permissions: 0644\n    content: |\n      10.160.4.127 docker.phx1.jivehosted.com\n      10.160.70.25 pulp-slave\nwrite_files:\n  - path: /root/parse_manifest.sh\n    permissions: 0755\n    content: |\n      #!/usr/bin/bash\n      jq -c '.clusters[] | select(.clusterName == \"us-west-2_jive-infra-pipeline-joe\") | .ansibleImageVersion' /tmp/cluster_manifest.json\nwrite_files:\n  - path: /root/pam_workaround.sh\n    permissions: 0755\n    content: |\n      #!/usr/bin/bash\n      if [[ -d /lib/pam.d ]]; then\n        rsync -a /lib/pam.d/ /etc/pam.d/\n        sed -i '/pam_systemd.so/d' /etc/pam.d/*\n        sed -i '/pam_nologin.so/d' /etc/pam.d/*\n      fi\nwrite_files:\n  - path: /root/bootstrap.sh\n    permissions: 0755\n    content: |\n      #!/usr/bin/bash\n      #\n      if [ -f /etc/coreos/update.conf ] ; then\n        rm  /etc/coreos/update.conf\n      fi\n\n      declare -r ansible_bucket=https://s3-us-west-2.amazonaws.com/jive-ansible-coreos-jive-infra-prod-usw2\n\n      # Get cluster manifest from S3 bucket\n      curl -XGET -s \\\n      --retry 3 \\\n      --retry-delay 5 \\\n      ${ansible_bucket}/cluster_manifest.json \\\n      --output /tmp/cluster_manifest.json\n\n      # Get ansible-coreos bootstrap script from S3 bucket\n      curl -XGET -s \\\n      --retry 3 \\\n      --retry-delay 5 \\\n      ${ansible_bucket}/run-ansible-container.sh \\\n      --output /tmp/run-ansible-container.sh\n\n      declare -r docker_image=$(bash /root/parse_manifest.sh | sed 's/\"//g')\n      bash -vx /root/pam_workaround.sh\n      bash -vx /tmp/run-ansible-container.sh ${docker_image}\n\n      exit 0\n\n# MASTER_EIP_ALLOC and ELB_NAME are passed from Terraform\n#MASTER_EIP_ALLOC:eipalloc-4bc4fb2c\n",
                            "template": "#cloud-config\ncoreos:\n  units:\n    - name: bootstrap.service\n      command: start\n      content: |\n        [Unit]\n        Requires=early-docker.service\n        After=early-docker.service\n        Description=Bootstraps the node\n        [Service]\n        Environment=\"DOCKER_HOST=unix:///var/run/early-docker.sock\"\n        Type=oneshot\n        RemainAfterExit=yes\n        ExecStart=/root/bootstrap.sh\n    - name: settimezone.service\n      command: start\n      content: |\n        [Unit]\n        Description=Set the timezone\n        [Service]\n        ExecStart=/usr/bin/timedatectl set-timezone UTC\n        RemainAfterExit=yes\n        Type=oneshot\nupdate:\n    reboot-strategy: off\nssh_authorized_keys:\n  - ${COREOS_AUTHKEY}\nwrite_files:\n  - path: /etc/hosts\n    permissions: 0644\n    content: |\n      ${DOCKER_REGISTRY}\n      ${PHX_PULP}\nwrite_files:\n  - path: /root/parse_manifest.sh\n    permissions: 0755\n    content: |\n      #!/usr/bin/bash\n      jq -c '.clusters[] | select(.clusterName == \"${KubernetesCluster}\") | .ansibleImageVersion' /tmp/cluster_manifest.json\nwrite_files:\n  - path: /root/pam_workaround.sh\n    permissions: 0755\n    content: |\n      #!/usr/bin/bash\n      if [[ -d /lib/pam.d ]]; then\n        rsync -a /lib/pam.d/ /etc/pam.d/\n        sed -i '/pam_systemd.so/d' /etc/pam.d/*\n        sed -i '/pam_nologin.so/d' /etc/pam.d/*\n      fi\nwrite_files:\n  - path: /root/bootstrap.sh\n    permissions: 0755\n    content: |\n      #!/usr/bin/bash\n      #\n      if [ -f /etc/coreos/update.conf ] ; then\n        rm  /etc/coreos/update.conf\n      fi\n\n      declare -r ansible_bucket=${ANSIBLE_BUCKET}\n\n      # Get cluster manifest from S3 bucket\n      curl -XGET -s \\\n      --retry 3 \\\n      --retry-delay 5 \\\n      $${ansible_bucket}/cluster_manifest.json \\\n      --output /tmp/cluster_manifest.json\n\n      # Get ansible-coreos bootstrap script from S3 bucket\n      curl -XGET -s \\\n      --retry 3 \\\n      --retry-delay 5 \\\n      $${ansible_bucket}/run-ansible-container.sh \\\n      --output /tmp/run-ansible-container.sh\n\n      declare -r docker_image=$$(bash /root/parse_manifest.sh | sed 's/\"//g')\n      bash -vx /root/pam_workaround.sh\n      bash -vx /tmp/run-ansible-container.sh $${docker_image}\n\n      exit 0\n\n# MASTER_EIP_ALLOC and ELB_NAME are passed from Terraform\n#MASTER_EIP_ALLOC:${MASTER_EIP_ALLOC}\n",
                            "vars.%": "7",
                            "vars.ANSIBLE_BUCKET": "https://s3-us-west-2.amazonaws.com/jive-ansible-coreos-jive-infra-prod-usw2",
                            "vars.COREOS_AUTHKEY": "AAAAB3NzaC1yc2EAAAADAQABAAABAQDdUn7MngzRWLusJ+9S2MSibbJjkxV0fa5D6fUKJnGuYHxgL3vpMi+TLWRUIFv9tmBIxard8nS4/mNu6P0ENm5LmkAYPJngEMbCoQmpk89tbQIrlZrhr5FffP3fJfxzahEtYjEtNuBQuuMwrXN3hvuehVGWEu1lFG6WLYnejL0au2L4CJhCoV2g+b/uqTjsFVHhbGWvuazYL9SJmH2mWqEnbj2tj7goemU88bycisrMIvpKVWhu02KM2FUHgPwtoENi909LTpiD/y+3FzBwa7cpMNjmTmrzPbJTZ7gNNzSpPWHtCejE/B06+7lxSzbeRQP6q1Xb++bcVWODvh6qCb4b",
                            "vars.DOCKER_REGISTRY": "10.160.4.127 docker.phx1.jivehosted.com",
                            "vars.ELB_NAME": "pipeline-joe-k8s-master-elb",
                            "vars.KubernetesCluster": "us-west-2_jive-infra-pipeline-joe",
                            "vars.MASTER_EIP_ALLOC": "eipalloc-4bc4fb2c",
                            "vars.PHX_PULP": "10.160.70.25 pulp-slave"
                        },
                        "meta": {},
                        "tainted": false
                    },
                    "deposed": [],
                    "provider": ""
                },
                "null_resource.k8s_cluster": {
                    "type": "null_resource",
                    "depends_on": [],
                    "primary": {
                        "id": "1870773740066434880",
                        "attributes": {
                            "id": "1870773740066434880",
                            "triggers.%": "1",
                            "triggers.name": "us-west-2_jive-infra-pipeline-joe"
                        },
                        "meta": {},
                        "tainted": false
                    },
                    "deposed": [],
                    "provider": ""
                }
            },
            "depends_on": []
        }
    ]
}
