{
    "version": 3,
    "terraform_version": "0.7.13",
    "serial": 10,
    "lineage": "0172d43c-be92-4583-a6fe-74a421909bd8",
    "modules": [
        {
            "path": [
                "root"
            ],
            "outputs": {},
            "resources": {
                "aws_ebs_volume.upena_data_i1_v0": {
                    "type": "aws_ebs_volume",
                    "depends_on": [],
                    "primary": {
                        "id": "vol-b8151c0e",
                        "attributes": {
                            "availability_zone": "us-west-2a",
                            "encrypted": "true",
                            "id": "vol-b8151c0e",
                            "kms_key_id": "arn:aws:kms:us-west-2:642745549043:key/335c504e-9c6d-4551-b5e9-ee78b6b57cf5",
                            "size": "500",
                            "snapshot_id": "",
                            "tags.%": "7",
                            "tags.Account_name": "jive-reco-pipeline",
                            "tags.Jive_service": "upena",
                            "tags.Name": "test-upena-data-i1-v0",
                            "tags.Pipeline_phase": "test",
                            "tags.Region": "us-west-2",
                            "tags.SLA": "non-prod",
                            "tags.Service_component": "upena-data",
                            "type": "st1"
                        },
                        "meta": {},
                        "tainted": false
                    },
                    "deposed": [],
                    "provider": ""
                },
                "aws_ebs_volume.upena_data_i1_v1": {
                    "type": "aws_ebs_volume",
                    "depends_on": [],
                    "primary": {
                        "id": "vol-53121be5",
                        "attributes": {
                            "availability_zone": "us-west-2a",
                            "encrypted": "true",
                            "id": "vol-53121be5",
                            "kms_key_id": "arn:aws:kms:us-west-2:642745549043:key/335c504e-9c6d-4551-b5e9-ee78b6b57cf5",
                            "size": "2000",
                            "snapshot_id": "",
                            "tags.%": "7",
                            "tags.Account_name": "jive-reco-pipeline",
                            "tags.Jive_service": "upena",
                            "tags.Name": "test-upena-data-i1-v1",
                            "tags.Pipeline_phase": "test",
                            "tags.Region": "us-west-2",
                            "tags.SLA": "non-prod",
                            "tags.Service_component": "upena-data",
                            "type": "st1"
                        },
                        "meta": {},
                        "tainted": false
                    },
                    "deposed": [],
                    "provider": ""
                },
                "aws_ebs_volume.upena_data_i1_v2": {
                    "type": "aws_ebs_volume",
                    "depends_on": [],
                    "primary": {
                        "id": "vol-bb151c0d",
                        "attributes": {
                            "availability_zone": "us-west-2a",
                            "encrypted": "true",
                            "id": "vol-bb151c0d",
                            "kms_key_id": "arn:aws:kms:us-west-2:642745549043:key/335c504e-9c6d-4551-b5e9-ee78b6b57cf5",
                            "size": "2000",
                            "snapshot_id": "",
                            "tags.%": "7",
                            "tags.Account_name": "jive-reco-pipeline",
                            "tags.Jive_service": "upena",
                            "tags.Name": "test-upena-data-i1-v2",
                            "tags.Pipeline_phase": "test",
                            "tags.Region": "us-west-2",
                            "tags.SLA": "non-prod",
                            "tags.Service_component": "upena-data",
                            "type": "st1"
                        },
                        "meta": {},
                        "tainted": false
                    },
                    "deposed": [],
                    "provider": ""
                },
                "aws_ebs_volume.upena_data_i1_v3": {
                    "type": "aws_ebs_volume",
                    "depends_on": [],
                    "primary": {
                        "id": "vol-6e121bd8",
                        "attributes": {
                            "availability_zone": "us-west-2a",
                            "encrypted": "true",
                            "id": "vol-6e121bd8",
                            "kms_key_id": "arn:aws:kms:us-west-2:642745549043:key/335c504e-9c6d-4551-b5e9-ee78b6b57cf5",
                            "size": "2000",
                            "snapshot_id": "",
                            "tags.%": "7",
                            "tags.Account_name": "jive-reco-pipeline",
                            "tags.Jive_service": "upena",
                            "tags.Name": "test-upena-data-i1-v3",
                            "tags.Pipeline_phase": "test",
                            "tags.Region": "us-west-2",
                            "tags.SLA": "non-prod",
                            "tags.Service_component": "upena-data",
                            "type": "st1"
                        },
                        "meta": {},
                        "tainted": false
                    },
                    "deposed": [],
                    "provider": ""
                },
                "aws_ebs_volume.upena_data_i2_v0": {
                    "type": "aws_ebs_volume",
                    "depends_on": [],
                    "primary": {
                        "id": "vol-aaacbe18",
                        "attributes": {
                            "availability_zone": "us-west-2b",
                            "encrypted": "true",
                            "id": "vol-aaacbe18",
                            "kms_key_id": "arn:aws:kms:us-west-2:642745549043:key/335c504e-9c6d-4551-b5e9-ee78b6b57cf5",
                            "size": "500",
                            "snapshot_id": "",
                            "tags.%": "7",
                            "tags.Account_name": "jive-reco-pipeline",
                            "tags.Jive_service": "upena",
                            "tags.Name": "test-upena-data-i2-v0",
                            "tags.Pipeline_phase": "test",
                            "tags.Region": "us-west-2",
                            "tags.SLA": "non-prod",
                            "tags.Service_component": "upena-data",
                            "type": "st1"
                        },
                        "meta": {},
                        "tainted": false
                    },
                    "deposed": [],
                    "provider": ""
                },
                "aws_ebs_volume.upena_data_i2_v1": {
                    "type": "aws_ebs_volume",
                    "depends_on": [],
                    "primary": {
                        "id": "vol-42afbdf0",
                        "attributes": {
                            "availability_zone": "us-west-2b",
                            "encrypted": "true",
                            "id": "vol-42afbdf0",
                            "kms_key_id": "arn:aws:kms:us-west-2:642745549043:key/335c504e-9c6d-4551-b5e9-ee78b6b57cf5",
                            "size": "2000",
                            "snapshot_id": "",
                            "tags.%": "7",
                            "tags.Account_name": "jive-reco-pipeline",
                            "tags.Jive_service": "upena",
                            "tags.Name": "test-upena-data-i2-v1",
                            "tags.Pipeline_phase": "test",
                            "tags.Region": "us-west-2",
                            "tags.SLA": "non-prod",
                            "tags.Service_component": "upena-data",
                            "type": "st1"
                        },
                        "meta": {},
                        "tainted": false
                    },
                    "deposed": [],
                    "provider": ""
                },
                "aws_ebs_volume.upena_data_i2_v2": {
                    "type": "aws_ebs_volume",
                    "depends_on": [],
                    "primary": {
                        "id": "vol-f5acbe47",
                        "attributes": {
                            "availability_zone": "us-west-2b",
                            "encrypted": "true",
                            "id": "vol-f5acbe47",
                            "kms_key_id": "arn:aws:kms:us-west-2:642745549043:key/335c504e-9c6d-4551-b5e9-ee78b6b57cf5",
                            "size": "2000",
                            "snapshot_id": "",
                            "tags.%": "7",
                            "tags.Account_name": "jive-reco-pipeline",
                            "tags.Jive_service": "upena",
                            "tags.Name": "test-upena-data-i2-v2",
                            "tags.Pipeline_phase": "test",
                            "tags.Region": "us-west-2",
                            "tags.SLA": "non-prod",
                            "tags.Service_component": "upena-data",
                            "type": "st1"
                        },
                        "meta": {},
                        "tainted": false
                    },
                    "deposed": [],
                    "provider": ""
                },
                "aws_ebs_volume.upena_data_i2_v3": {
                    "type": "aws_ebs_volume",
                    "depends_on": [],
                    "primary": {
                        "id": "vol-abacbe19",
                        "attributes": {
                            "availability_zone": "us-west-2b",
                            "encrypted": "true",
                            "id": "vol-abacbe19",
                            "kms_key_id": "arn:aws:kms:us-west-2:642745549043:key/335c504e-9c6d-4551-b5e9-ee78b6b57cf5",
                            "size": "2000",
                            "snapshot_id": "",
                            "tags.%": "7",
                            "tags.Account_name": "jive-reco-pipeline",
                            "tags.Jive_service": "upena",
                            "tags.Name": "test-upena-data-i2-v3",
                            "tags.Pipeline_phase": "test",
                            "tags.Region": "us-west-2",
                            "tags.SLA": "non-prod",
                            "tags.Service_component": "upena-data",
                            "type": "st1"
                        },
                        "meta": {},
                        "tainted": false
                    },
                    "deposed": [],
                    "provider": ""
                },
                "aws_ebs_volume.upena_data_i3_v0": {
                    "type": "aws_ebs_volume",
                    "depends_on": [],
                    "primary": {
                        "id": "vol-299b5891",
                        "attributes": {
                            "availability_zone": "us-west-2c",
                            "encrypted": "true",
                            "id": "vol-299b5891",
                            "kms_key_id": "arn:aws:kms:us-west-2:642745549043:key/335c504e-9c6d-4551-b5e9-ee78b6b57cf5",
                            "size": "500",
                            "snapshot_id": "",
                            "tags.%": "7",
                            "tags.Account_name": "jive-reco-pipeline",
                            "tags.Jive_service": "upena",
                            "tags.Name": "test-upena-data-i3-v0",
                            "tags.Pipeline_phase": "test",
                            "tags.Region": "us-west-2",
                            "tags.SLA": "non-prod",
                            "tags.Service_component": "upena-data",
                            "type": "st1"
                        },
                        "meta": {},
                        "tainted": false
                    },
                    "deposed": [],
                    "provider": ""
                },
                "aws_ebs_volume.upena_data_i3_v1": {
                    "type": "aws_ebs_volume",
                    "depends_on": [],
                    "primary": {
                        "id": "vol-c69b587e",
                        "attributes": {
                            "availability_zone": "us-west-2c",
                            "encrypted": "true",
                            "id": "vol-c69b587e",
                            "kms_key_id": "arn:aws:kms:us-west-2:642745549043:key/335c504e-9c6d-4551-b5e9-ee78b6b57cf5",
                            "size": "2000",
                            "snapshot_id": "",
                            "tags.%": "7",
                            "tags.Account_name": "jive-reco-pipeline",
                            "tags.Jive_service": "upena",
                            "tags.Name": "test-upena-data-i3-v1",
                            "tags.Pipeline_phase": "test",
                            "tags.Region": "us-west-2",
                            "tags.SLA": "non-prod",
                            "tags.Service_component": "upena-data",
                            "type": "st1"
                        },
                        "meta": {},
                        "tainted": false
                    },
                    "deposed": [],
                    "provider": ""
                },
                "aws_ebs_volume.upena_data_i3_v2": {
                    "type": "aws_ebs_volume",
                    "depends_on": [],
                    "primary": {
                        "id": "vol-2a9b5892",
                        "attributes": {
                            "availability_zone": "us-west-2c",
                            "encrypted": "true",
                            "id": "vol-2a9b5892",
                            "kms_key_id": "arn:aws:kms:us-west-2:642745549043:key/335c504e-9c6d-4551-b5e9-ee78b6b57cf5",
                            "size": "2000",
                            "snapshot_id": "",
                            "tags.%": "7",
                            "tags.Account_name": "jive-reco-pipeline",
                            "tags.Jive_service": "upena",
                            "tags.Name": "test-upena-data-i3-v2",
                            "tags.Pipeline_phase": "test",
                            "tags.Region": "us-west-2",
                            "tags.SLA": "non-prod",
                            "tags.Service_component": "upena-data",
                            "type": "st1"
                        },
                        "meta": {},
                        "tainted": false
                    },
                    "deposed": [],
                    "provider": ""
                },
                "aws_ebs_volume.upena_data_i3_v3": {
                    "type": "aws_ebs_volume",
                    "depends_on": [],
                    "primary": {
                        "id": "vol-c79b587f",
                        "attributes": {
                            "availability_zone": "us-west-2c",
                            "encrypted": "true",
                            "id": "vol-c79b587f",
                            "kms_key_id": "arn:aws:kms:us-west-2:642745549043:key/335c504e-9c6d-4551-b5e9-ee78b6b57cf5",
                            "size": "2000",
                            "snapshot_id": "",
                            "tags.%": "7",
                            "tags.Account_name": "jive-reco-pipeline",
                            "tags.Jive_service": "upena",
                            "tags.Name": "test-upena-data-i3-v3",
                            "tags.Pipeline_phase": "test",
                            "tags.Region": "us-west-2",
                            "tags.SLA": "non-prod",
                            "tags.Service_component": "upena-data",
                            "type": "st1"
                        },
                        "meta": {},
                        "tainted": false
                    },
                    "deposed": [],
                    "provider": ""
                },
                "aws_instance.upena_data_i1": {
                    "type": "aws_instance",
                    "depends_on": [
                        "aws_security_group.upena_data_sg"
                    ],
                    "primary": {
                        "id": "i-042bc12c50aa3b2b0",
                        "attributes": {
                            "ami": "ami-1e299d7e",
                            "associate_public_ip_address": "false",
                            "availability_zone": "us-west-2a",
                            "disable_api_termination": "false",
                            "ebs_block_device.#": "0",
                            "ebs_optimized": "true",
                            "ephemeral_block_device.#": "0",
                            "iam_instance_profile": "upena-profile",
                            "id": "i-042bc12c50aa3b2b0",
                            "instance_state": "running",
                            "instance_type": "m4.2xlarge",
                            "key_name": "reco-pipeline",
                            "monitoring": "false",
                            "network_interface_id": "eni-e4bbf4cc",
                            "private_dns": "ip-10-126-4-144.us-west-2.compute.internal",
                            "private_ip": "10.126.4.144",
                            "public_dns": "",
                            "public_ip": "",
                            "root_block_device.#": "1",
                            "root_block_device.0.delete_on_termination": "true",
                            "root_block_device.0.iops": "0",
                            "root_block_device.0.volume_size": "8",
                            "root_block_device.0.volume_type": "standard",
                            "security_groups.#": "0",
                            "source_dest_check": "true",
                            "subnet_id": "subnet-26f74742",
                            "tags.%": "7",
                            "tags.Account_name": "jive-reco-pipeline",
                            "tags.Jive_service": "upena",
                            "tags.Name": "test-upena-data-i1",
                            "tags.Pipeline_phase": "test",
                            "tags.Region": "us-west-2",
                            "tags.SLA": "non-prod",
                            "tags.Service_component": "upena-data",
                            "tenancy": "default",
                            "user_data": "5f6f36d2df678752c27961a68c13a4bad7211842",
                            "vpc_security_group_ids.#": "2",
                            "vpc_security_group_ids.1170305670": "sg-f5a4b192",
                            "vpc_security_group_ids.997925107": "sg-aa319dcc"
                        },
                        "meta": {
                            "schema_version": "1"
                        },
                        "tainted": false
                    },
                    "deposed": [],
                    "provider": ""
                },
                "aws_instance.upena_data_i2": {
                    "type": "aws_instance",
                    "depends_on": [
                        "aws_security_group.upena_data_sg"
                    ],
                    "primary": {
                        "id": "i-0b9a3d3c7035e991d",
                        "attributes": {
                            "ami": "ami-1e299d7e",
                            "associate_public_ip_address": "false",
                            "availability_zone": "us-west-2b",
                            "disable_api_termination": "false",
                            "ebs_block_device.#": "4",
                            "ebs_block_device.2630216116.delete_on_termination": "false",
                            "ebs_block_device.2630216116.device_name": "/dev/sde",
                            "ebs_block_device.2630216116.encrypted": "true",
                            "ebs_block_device.2630216116.iops": "0",
                            "ebs_block_device.2630216116.snapshot_id": "",
                            "ebs_block_device.2630216116.volume_size": "2000",
                            "ebs_block_device.2630216116.volume_type": "st1",
                            "ebs_block_device.2634515331.delete_on_termination": "false",
                            "ebs_block_device.2634515331.device_name": "/dev/sdd",
                            "ebs_block_device.2634515331.encrypted": "true",
                            "ebs_block_device.2634515331.iops": "0",
                            "ebs_block_device.2634515331.snapshot_id": "",
                            "ebs_block_device.2634515331.volume_size": "500",
                            "ebs_block_device.2634515331.volume_type": "st1",
                            "ebs_block_device.2659407853.delete_on_termination": "false",
                            "ebs_block_device.2659407853.device_name": "/dev/sdf",
                            "ebs_block_device.2659407853.encrypted": "true",
                            "ebs_block_device.2659407853.iops": "0",
                            "ebs_block_device.2659407853.snapshot_id": "",
                            "ebs_block_device.2659407853.volume_size": "2000",
                            "ebs_block_device.2659407853.volume_type": "st1",
                            "ebs_block_device.2671853018.delete_on_termination": "false",
                            "ebs_block_device.2671853018.device_name": "/dev/sdg",
                            "ebs_block_device.2671853018.encrypted": "true",
                            "ebs_block_device.2671853018.iops": "0",
                            "ebs_block_device.2671853018.snapshot_id": "",
                            "ebs_block_device.2671853018.volume_size": "2000",
                            "ebs_block_device.2671853018.volume_type": "st1",
                            "ebs_optimized": "true",
                            "ephemeral_block_device.#": "0",
                            "iam_instance_profile": "upena-profile",
                            "id": "i-0b9a3d3c7035e991d",
                            "instance_state": "running",
                            "instance_type": "r4.xlarge",
                            "key_name": "reco-pipeline",
                            "monitoring": "false",
                            "network_interface_id": "eni-5a798118",
                            "private_dns": "ip-10-126-5-123.us-west-2.compute.internal",
                            "private_ip": "10.126.5.123",
                            "public_dns": "",
                            "public_ip": "",
                            "root_block_device.#": "1",
                            "root_block_device.0.delete_on_termination": "true",
                            "root_block_device.0.iops": "0",
                            "root_block_device.0.volume_size": "8",
                            "root_block_device.0.volume_type": "standard",
                            "security_groups.#": "0",
                            "source_dest_check": "true",
                            "subnet_id": "subnet-743af002",
                            "tags.%": "7",
                            "tags.Account_name": "jive-reco-pipeline",
                            "tags.Jive_service": "upena",
                            "tags.Name": "test-upena-data-i2",
                            "tags.Pipeline_phase": "test",
                            "tags.Region": "us-west-2",
                            "tags.SLA": "non-prod",
                            "tags.Service_component": "upena-data",
                            "tenancy": "default",
                            "user_data": "5f6f36d2df678752c27961a68c13a4bad7211842",
                            "vpc_security_group_ids.#": "2",
                            "vpc_security_group_ids.1170305670": "sg-f5a4b192",
                            "vpc_security_group_ids.997925107": "sg-aa319dcc"
                        },
                        "meta": {
                            "schema_version": "1"
                        },
                        "tainted": false
                    },
                    "deposed": [],
                    "provider": ""
                },
                "aws_instance.upena_data_i3": {
                    "type": "aws_instance",
                    "depends_on": [
                        "aws_security_group.upena_data_sg"
                    ],
                    "primary": {
                        "id": "i-0703ef6b1ace5ff0c",
                        "attributes": {
                            "ami": "ami-1e299d7e",
                            "associate_public_ip_address": "false",
                            "availability_zone": "us-west-2c",
                            "disable_api_termination": "false",
                            "ebs_block_device.#": "4",
                            "ebs_block_device.2630216116.delete_on_termination": "false",
                            "ebs_block_device.2630216116.device_name": "/dev/sde",
                            "ebs_block_device.2630216116.encrypted": "true",
                            "ebs_block_device.2630216116.iops": "0",
                            "ebs_block_device.2630216116.snapshot_id": "",
                            "ebs_block_device.2630216116.volume_size": "2000",
                            "ebs_block_device.2630216116.volume_type": "st1",
                            "ebs_block_device.2634515331.delete_on_termination": "false",
                            "ebs_block_device.2634515331.device_name": "/dev/sdd",
                            "ebs_block_device.2634515331.encrypted": "true",
                            "ebs_block_device.2634515331.iops": "0",
                            "ebs_block_device.2634515331.snapshot_id": "",
                            "ebs_block_device.2634515331.volume_size": "500",
                            "ebs_block_device.2634515331.volume_type": "st1",
                            "ebs_block_device.2659407853.delete_on_termination": "false",
                            "ebs_block_device.2659407853.device_name": "/dev/sdf",
                            "ebs_block_device.2659407853.encrypted": "true",
                            "ebs_block_device.2659407853.iops": "0",
                            "ebs_block_device.2659407853.snapshot_id": "",
                            "ebs_block_device.2659407853.volume_size": "2000",
                            "ebs_block_device.2659407853.volume_type": "st1",
                            "ebs_block_device.2671853018.delete_on_termination": "false",
                            "ebs_block_device.2671853018.device_name": "/dev/sdg",
                            "ebs_block_device.2671853018.encrypted": "true",
                            "ebs_block_device.2671853018.iops": "0",
                            "ebs_block_device.2671853018.snapshot_id": "",
                            "ebs_block_device.2671853018.volume_size": "2000",
                            "ebs_block_device.2671853018.volume_type": "st1",
                            "ebs_optimized": "true",
                            "ephemeral_block_device.#": "0",
                            "iam_instance_profile": "upena-profile",
                            "id": "i-0703ef6b1ace5ff0c",
                            "instance_state": "running",
                            "instance_type": "r4.xlarge",
                            "key_name": "reco-pipeline",
                            "monitoring": "false",
                            "network_interface_id": "eni-42ff4811",
                            "private_dns": "ip-10-126-6-191.us-west-2.compute.internal",
                            "private_ip": "10.126.6.191",
                            "public_dns": "",
                            "public_ip": "",
                            "root_block_device.#": "1",
                            "root_block_device.0.delete_on_termination": "true",
                            "root_block_device.0.iops": "0",
                            "root_block_device.0.volume_size": "8",
                            "root_block_device.0.volume_type": "standard",
                            "security_groups.#": "0",
                            "source_dest_check": "true",
                            "subnet_id": "subnet-c1849e98",
                            "tags.%": "7",
                            "tags.Account_name": "jive-reco-pipeline",
                            "tags.Jive_service": "upena",
                            "tags.Name": "test-upena-data-i3",
                            "tags.Pipeline_phase": "test",
                            "tags.Region": "us-west-2",
                            "tags.SLA": "non-prod",
                            "tags.Service_component": "upena-data",
                            "tenancy": "default",
                            "user_data": "5f6f36d2df678752c27961a68c13a4bad7211842",
                            "vpc_security_group_ids.#": "2",
                            "vpc_security_group_ids.1170305670": "sg-f5a4b192",
                            "vpc_security_group_ids.997925107": "sg-aa319dcc"
                        },
                        "meta": {
                            "schema_version": "1"
                        },
                        "tainted": false
                    },
                    "deposed": [],
                    "provider": ""
                },
                "aws_route53_record.upena_data_ri1": {
                    "type": "aws_route53_record",
                    "depends_on": [
                        "aws_instance.upena_data_i1"
                    ],
                    "primary": {
                        "id": "Z17UOFXP4LI2IE_test-upena-data-i1_A",
                        "attributes": {
                            "fqdn": "test-upena-data-i1.jiveprivate.com",
                            "health_check_id": "",
                            "id": "Z17UOFXP4LI2IE_test-upena-data-i1_A",
                            "name": "test-upena-data-i1",
                            "records.#": "1",
                            "records.778829418": "10.126.4.144",
                            "set_identifier": "",
                            "ttl": "60",
                            "type": "A",
                            "zone_id": "Z17UOFXP4LI2IE"
                        },
                        "meta": {
                            "schema_version": "2"
                        },
                        "tainted": false
                    },
                    "deposed": [],
                    "provider": ""
                },
                "aws_route53_record.upena_data_ri2": {
                    "type": "aws_route53_record",
                    "depends_on": [
                        "aws_instance.upena_data_i2"
                    ],
                    "primary": {
                        "id": "Z17UOFXP4LI2IE_test-upena-data-i2_A",
                        "attributes": {
                            "fqdn": "test-upena-data-i2.jiveprivate.com",
                            "health_check_id": "",
                            "id": "Z17UOFXP4LI2IE_test-upena-data-i2_A",
                            "name": "test-upena-data-i2",
                            "records.#": "1",
                            "records.3677742591": "10.126.5.123",
                            "set_identifier": "",
                            "ttl": "60",
                            "type": "A",
                            "zone_id": "Z17UOFXP4LI2IE"
                        },
                        "meta": {
                            "schema_version": "2"
                        },
                        "tainted": false
                    },
                    "deposed": [],
                    "provider": ""
                },
                "aws_route53_record.upena_data_ri3": {
                    "type": "aws_route53_record",
                    "depends_on": [
                        "aws_instance.upena_data_i3"
                    ],
                    "primary": {
                        "id": "Z17UOFXP4LI2IE_test-upena-data-i3_A",
                        "attributes": {
                            "fqdn": "test-upena-data-i3.jiveprivate.com",
                            "health_check_id": "",
                            "id": "Z17UOFXP4LI2IE_test-upena-data-i3_A",
                            "name": "test-upena-data-i3",
                            "records.#": "1",
                            "records.2439981000": "10.126.6.191",
                            "set_identifier": "",
                            "ttl": "60",
                            "type": "A",
                            "zone_id": "Z17UOFXP4LI2IE"
                        },
                        "meta": {
                            "schema_version": "2"
                        },
                        "tainted": false
                    },
                    "deposed": [],
                    "provider": ""
                },
                "aws_security_group.upena_data_sg": {
                    "type": "aws_security_group",
                    "depends_on": [],
                    "primary": {
                        "id": "sg-aa319dcc",
                        "attributes": {
                            "description": "Allows necessary communication between upena-data instances",
                            "egress.#": "0",
                            "id": "sg-aa319dcc",
                            "ingress.#": "2",
                            "ingress.1251094559.cidr_blocks.#": "1",
                            "ingress.1251094559.cidr_blocks.0": "0.0.0.0/0",
                            "ingress.1251094559.from_port": "1175",
                            "ingress.1251094559.protocol": "tcp",
                            "ingress.1251094559.security_groups.#": "0",
                            "ingress.1251094559.self": "false",
                            "ingress.1251094559.to_port": "1175",
                            "ingress.3258786324.cidr_blocks.#": "1",
                            "ingress.3258786324.cidr_blocks.0": "0.0.0.0/0",
                            "ingress.3258786324.from_port": "10000",
                            "ingress.3258786324.protocol": "tcp",
                            "ingress.3258786324.security_groups.#": "0",
                            "ingress.3258786324.self": "false",
                            "ingress.3258786324.to_port": "11000",
                            "name": "test-upena-data",
                            "owner_id": "642745549043",
                            "tags.%": "7",
                            "tags.Account_name": "jive-reco-pipeline",
                            "tags.Jive_service": "upena",
                            "tags.Name": "test-upena-data",
                            "tags.Pipeline_phase": "test",
                            "tags.Region": "us-west-2",
                            "tags.SLA": "non-prod",
                            "tags.Service_component": "upena-data",
                            "vpc_id": "vpc-ea19ac8e"
                        },
                        "meta": {},
                        "tainted": false
                    },
                    "deposed": [],
                    "provider": ""
                },
                "aws_volume_attachment.upena_data_i1_av0": {
                    "type": "aws_volume_attachment",
                    "depends_on": [
                        "aws_ebs_volume.upena_data_i1_v0",
                        "aws_instance.upena_data_i1"
                    ],
                    "primary": {
                        "id": "vai-2086561878",
                        "attributes": {
                            "device_name": "/dev/sdd",
                            "force_detach": "true",
                            "id": "vai-2086561878",
                            "instance_id": "i-042bc12c50aa3b2b0",
                            "volume_id": "vol-b8151c0e"
                        },
                        "meta": {},
                        "tainted": false
                    },
                    "deposed": [],
                    "provider": ""
                },
                "aws_volume_attachment.upena_data_i1_av1": {
                    "type": "aws_volume_attachment",
                    "depends_on": [
                        "aws_ebs_volume.upena_data_i1_v1",
                        "aws_instance.upena_data_i1"
                    ],
                    "primary": {
                        "id": "vai-2381097381",
                        "attributes": {
                            "device_name": "/dev/sde",
                            "force_detach": "true",
                            "id": "vai-2381097381",
                            "instance_id": "i-042bc12c50aa3b2b0",
                            "volume_id": "vol-53121be5"
                        },
                        "meta": {},
                        "tainted": false
                    },
                    "deposed": [],
                    "provider": ""
                },
                "aws_volume_attachment.upena_data_i1_av2": {
                    "type": "aws_volume_attachment",
                    "depends_on": [
                        "aws_ebs_volume.upena_data_i1_v2",
                        "aws_instance.upena_data_i1"
                    ],
                    "primary": {
                        "id": "vai-3857620936",
                        "attributes": {
                            "device_name": "/dev/sdf",
                            "force_detach": "true",
                            "id": "vai-3857620936",
                            "instance_id": "i-042bc12c50aa3b2b0",
                            "volume_id": "vol-bb151c0d"
                        },
                        "meta": {},
                        "tainted": false
                    },
                    "deposed": [],
                    "provider": ""
                },
                "aws_volume_attachment.upena_data_i1_av3": {
                    "type": "aws_volume_attachment",
                    "depends_on": [
                        "aws_ebs_volume.upena_data_i1_v3",
                        "aws_instance.upena_data_i1"
                    ],
                    "primary": {
                        "id": "vai-3607712394",
                        "attributes": {
                            "device_name": "/dev/sdg",
                            "force_detach": "true",
                            "id": "vai-3607712394",
                            "instance_id": "i-042bc12c50aa3b2b0",
                            "volume_id": "vol-6e121bd8"
                        },
                        "meta": {},
                        "tainted": false
                    },
                    "deposed": [],
                    "provider": ""
                },
                "aws_volume_attachment.upena_data_i2_av0": {
                    "type": "aws_volume_attachment",
                    "depends_on": [
                        "aws_ebs_volume.upena_data_i2_v0",
                        "aws_instance.upena_data_i2"
                    ],
                    "primary": {
                        "id": "vai-1738190621",
                        "attributes": {
                            "device_name": "/dev/sdd",
                            "force_detach": "true",
                            "id": "vai-1738190621",
                            "instance_id": "i-0b9a3d3c7035e991d",
                            "volume_id": "vol-aaacbe18"
                        },
                        "meta": {},
                        "tainted": false
                    },
                    "deposed": [],
                    "provider": ""
                },
                "aws_volume_attachment.upena_data_i2_av1": {
                    "type": "aws_volume_attachment",
                    "depends_on": [
                        "aws_ebs_volume.upena_data_i2_v1",
                        "aws_instance.upena_data_i2"
                    ],
                    "primary": {
                        "id": "vai-36899874",
                        "attributes": {
                            "device_name": "/dev/sde",
                            "force_detach": "true",
                            "id": "vai-36899874",
                            "instance_id": "i-0b9a3d3c7035e991d",
                            "volume_id": "vol-42afbdf0"
                        },
                        "meta": {},
                        "tainted": false
                    },
                    "deposed": [],
                    "provider": ""
                },
                "aws_volume_attachment.upena_data_i2_av2": {
                    "type": "aws_volume_attachment",
                    "depends_on": [
                        "aws_ebs_volume.upena_data_i2_v2",
                        "aws_instance.upena_data_i2"
                    ],
                    "primary": {
                        "id": "vai-394905629",
                        "attributes": {
                            "device_name": "/dev/sdf",
                            "force_detach": "true",
                            "id": "vai-394905629",
                            "instance_id": "i-0b9a3d3c7035e991d",
                            "volume_id": "vol-f5acbe47"
                        },
                        "meta": {},
                        "tainted": false
                    },
                    "deposed": [],
                    "provider": ""
                },
                "aws_volume_attachment.upena_data_i2_av3": {
                    "type": "aws_volume_attachment",
                    "depends_on": [
                        "aws_ebs_volume.upena_data_i2_v3",
                        "aws_instance.upena_data_i2"
                    ],
                    "primary": {
                        "id": "vai-2078123942",
                        "attributes": {
                            "device_name": "/dev/sdg",
                            "force_detach": "true",
                            "id": "vai-2078123942",
                            "instance_id": "i-0b9a3d3c7035e991d",
                            "volume_id": "vol-abacbe19"
                        },
                        "meta": {},
                        "tainted": false
                    },
                    "deposed": [],
                    "provider": ""
                },
                "aws_volume_attachment.upena_data_i3_av0": {
                    "type": "aws_volume_attachment",
                    "depends_on": [
                        "aws_ebs_volume.upena_data_i3_v0",
                        "aws_instance.upena_data_i3"
                    ],
                    "primary": {
                        "id": "vai-4234885503",
                        "attributes": {
                            "device_name": "/dev/sdd",
                            "force_detach": "true",
                            "id": "vai-4234885503",
                            "instance_id": "i-0703ef6b1ace5ff0c",
                            "volume_id": "vol-299b5891"
                        },
                        "meta": {},
                        "tainted": false
                    },
                    "deposed": [],
                    "provider": ""
                },
                "aws_volume_attachment.upena_data_i3_av1": {
                    "type": "aws_volume_attachment",
                    "depends_on": [
                        "aws_ebs_volume.upena_data_i3_v1",
                        "aws_instance.upena_data_i3"
                    ],
                    "primary": {
                        "id": "vai-1538645108",
                        "attributes": {
                            "device_name": "/dev/sde",
                            "force_detach": "true",
                            "id": "vai-1538645108",
                            "instance_id": "i-0703ef6b1ace5ff0c",
                            "volume_id": "vol-c69b587e"
                        },
                        "meta": {},
                        "tainted": false
                    },
                    "deposed": [],
                    "provider": ""
                },
                "aws_volume_attachment.upena_data_i3_av2": {
                    "type": "aws_volume_attachment",
                    "depends_on": [
                        "aws_ebs_volume.upena_data_i3_v2",
                        "aws_instance.upena_data_i3"
                    ],
                    "primary": {
                        "id": "vai-365472542",
                        "attributes": {
                            "device_name": "/dev/sdf",
                            "force_detach": "true",
                            "id": "vai-365472542",
                            "instance_id": "i-0703ef6b1ace5ff0c",
                            "volume_id": "vol-2a9b5892"
                        },
                        "meta": {},
                        "tainted": false
                    },
                    "deposed": [],
                    "provider": ""
                },
                "aws_volume_attachment.upena_data_i3_av3": {
                    "type": "aws_volume_attachment",
                    "depends_on": [
                        "aws_ebs_volume.upena_data_i3_v3",
                        "aws_instance.upena_data_i3"
                    ],
                    "primary": {
                        "id": "vai-4169115384",
                        "attributes": {
                            "device_name": "/dev/sdg",
                            "force_detach": "true",
                            "id": "vai-4169115384",
                            "instance_id": "i-0703ef6b1ace5ff0c",
                            "volume_id": "vol-c79b587f"
                        },
                        "meta": {},
                        "tainted": false
                    },
                    "deposed": [],
                    "provider": ""
                }
            },
            "depends_on": []
        }
    ]
}
