{
    "version": 3,
    "terraform_version": "0.9.4",
    "serial": 3,
    "lineage": "a1d8af45-d55e-406f-b87c-904cd394faff",
    "modules": [
        {
            "path": [
                "root"
            ],
            "outputs": {},
            "resources": {
                "aws_eip.natgw.0": {
                    "type": "aws_eip",
                    "depends_on": [],
                    "primary": {
                        "id": "eipalloc-75d0cd45",
                        "attributes": {
                            "association_id": "eipassoc-d5cee7e7",
                            "domain": "vpc",
                            "id": "eipalloc-75d0cd45",
                            "instance": "",
                            "network_interface": "eni-50795883",
                            "private_ip": "10.123.26.156",
                            "public_ip": "52.44.158.101",
                            "vpc": "true"
                        },
                        "meta": {},
                        "tainted": false
                    },
                    "deposed": [],
                    "provider": ""
                },
                "aws_eip.natgw.1": {
                    "type": "aws_eip",
                    "depends_on": [],
                    "primary": {
                        "id": "eipalloc-acd2cf9c",
                        "attributes": {
                            "association_id": "eipassoc-c5c4edf7",
                            "domain": "vpc",
                            "id": "eipalloc-acd2cf9c",
                            "instance": "",
                            "network_interface": "eni-d9cea170",
                            "private_ip": "10.123.26.178",
                            "public_ip": "52.20.183.140",
                            "vpc": "true"
                        },
                        "meta": {},
                        "tainted": false
                    },
                    "deposed": [],
                    "provider": ""
                },
                "aws_eip.natgw.2": {
                    "type": "aws_eip",
                    "depends_on": [],
                    "primary": {
                        "id": "eipalloc-abd2cf9b",
                        "attributes": {
                            "association_id": "eipassoc-78c2eb4a",
                            "domain": "vpc",
                            "id": "eipalloc-abd2cf9b",
                            "instance": "",
                            "network_interface": "eni-5ee94849",
                            "private_ip": "10.123.26.206",
                            "public_ip": "34.227.85.85",
                            "vpc": "true"
                        },
                        "meta": {},
                        "tainted": false
                    },
                    "deposed": [],
                    "provider": ""
                },
                "aws_eip.natgw.3": {
                    "type": "aws_eip",
                    "depends_on": [],
                    "primary": {
                        "id": "eipalloc-4ec9d47e",
                        "attributes": {
                            "association_id": "eipassoc-58c0e96a",
                            "domain": "vpc",
                            "id": "eipalloc-4ec9d47e",
                            "instance": "",
                            "network_interface": "eni-ad7ec302",
                            "private_ip": "10.123.26.251",
                            "public_ip": "34.231.46.217",
                            "vpc": "true"
                        },
                        "meta": {},
                        "tainted": false
                    },
                    "deposed": [],
                    "provider": ""
                },
                "aws_eip.natgw.4": {
                    "type": "aws_eip",
                    "depends_on": [],
                    "primary": {
                        "id": "eipalloc-aad2cf9a",
                        "attributes": {
                            "association_id": "eipassoc-75c2eb47",
                            "domain": "vpc",
                            "id": "eipalloc-aad2cf9a",
                            "instance": "",
                            "network_interface": "eni-9ca9ba9d",
                            "private_ip": "10.123.27.26",
                            "public_ip": "34.230.236.44",
                            "vpc": "true"
                        },
                        "meta": {},
                        "tainted": false
                    },
                    "deposed": [],
                    "provider": ""
                },
                "aws_internet_gateway.igw": {
                    "type": "aws_internet_gateway",
                    "depends_on": [
                        "aws_vpc.main"
                    ],
                    "primary": {
                        "id": "igw-93a4e9f5",
                        "attributes": {
                            "id": "igw-93a4e9f5",
                            "tags.%": "5",
                            "tags.Name": "release-igw",
                            "tags.account_name": "jive-data-pipeline",
                            "tags.pipeline_phase": "release",
                            "tags.region": "us-east-1",
                            "tags.sla": "non-prod",
                            "vpc_id": "vpc-5ff36c26"
                        },
                        "meta": {},
                        "tainted": false
                    },
                    "deposed": [],
                    "provider": ""
                },
                "aws_nat_gateway.natgw.0": {
                    "type": "aws_nat_gateway",
                    "depends_on": [
                        "aws_eip.natgw.*",
                        "aws_internet_gateway.igw",
                        "aws_subnet.public.*"
                    ],
                    "primary": {
                        "id": "nat-03734cd2d2ab2a914",
                        "attributes": {
                            "allocation_id": "eipalloc-75d0cd45",
                            "id": "nat-03734cd2d2ab2a914",
                            "network_interface_id": "eni-50795883",
                            "private_ip": "10.123.26.156",
                            "public_ip": "52.44.158.101",
                            "subnet_id": "subnet-0199d749"
                        },
                        "meta": {},
                        "tainted": false
                    },
                    "deposed": [],
                    "provider": ""
                },
                "aws_nat_gateway.natgw.1": {
                    "type": "aws_nat_gateway",
                    "depends_on": [
                        "aws_eip.natgw.*",
                        "aws_internet_gateway.igw",
                        "aws_subnet.public.*"
                    ],
                    "primary": {
                        "id": "nat-032c0868289c9abe4",
                        "attributes": {
                            "allocation_id": "eipalloc-acd2cf9c",
                            "id": "nat-032c0868289c9abe4",
                            "network_interface_id": "eni-d9cea170",
                            "private_ip": "10.123.26.178",
                            "public_ip": "52.20.183.140",
                            "subnet_id": "subnet-8aeb65d0"
                        },
                        "meta": {},
                        "tainted": false
                    },
                    "deposed": [],
                    "provider": ""
                },
                "aws_nat_gateway.natgw.2": {
                    "type": "aws_nat_gateway",
                    "depends_on": [
                        "aws_eip.natgw.*",
                        "aws_internet_gateway.igw",
                        "aws_subnet.public.*"
                    ],
                    "primary": {
                        "id": "nat-0a49c39b5db1abdf8",
                        "attributes": {
                            "allocation_id": "eipalloc-abd2cf9b",
                            "id": "nat-0a49c39b5db1abdf8",
                            "network_interface_id": "eni-5ee94849",
                            "private_ip": "10.123.26.206",
                            "public_ip": "34.227.85.85",
                            "subnet_id": "subnet-a4c423c0"
                        },
                        "meta": {},
                        "tainted": false
                    },
                    "deposed": [],
                    "provider": ""
                },
                "aws_nat_gateway.natgw.3": {
                    "type": "aws_nat_gateway",
                    "depends_on": [
                        "aws_eip.natgw.*",
                        "aws_internet_gateway.igw",
                        "aws_subnet.public.*"
                    ],
                    "primary": {
                        "id": "nat-041f2ade75bd7de35",
                        "attributes": {
                            "allocation_id": "eipalloc-4ec9d47e",
                            "id": "nat-041f2ade75bd7de35",
                            "network_interface_id": "eni-ad7ec302",
                            "private_ip": "10.123.26.251",
                            "public_ip": "34.231.46.217",
                            "subnet_id": "subnet-7325b25f"
                        },
                        "meta": {},
                        "tainted": false
                    },
                    "deposed": [],
                    "provider": ""
                },
                "aws_nat_gateway.natgw.4": {
                    "type": "aws_nat_gateway",
                    "depends_on": [
                        "aws_eip.natgw.*",
                        "aws_internet_gateway.igw",
                        "aws_subnet.public.*"
                    ],
                    "primary": {
                        "id": "nat-04882b2e850f8343f",
                        "attributes": {
                            "allocation_id": "eipalloc-aad2cf9a",
                            "id": "nat-04882b2e850f8343f",
                            "network_interface_id": "eni-9ca9ba9d",
                            "private_ip": "10.123.27.26",
                            "public_ip": "34.230.236.44",
                            "subnet_id": "subnet-29020315"
                        },
                        "meta": {},
                        "tainted": false
                    },
                    "deposed": [],
                    "provider": ""
                },
                "aws_route.bastion_natdc.0": {
                    "type": "aws_route",
                    "depends_on": [
                        "aws_route_table.natdc.*",
                        "aws_vpc_peering_connection.infra"
                    ],
                    "primary": {
                        "id": "r-rtb-0fa381771488671911",
                        "attributes": {
                            "destination_cidr_block": "10.127.22.7/32",
                            "destination_prefix_list_id": "",
                            "egress_only_gateway_id": "",
                            "gateway_id": "",
                            "id": "r-rtb-0fa381771488671911",
                            "instance_id": "",
                            "instance_owner_id": "",
                            "nat_gateway_id": "",
                            "network_interface_id": "",
                            "origin": "CreateRoute",
                            "route_table_id": "rtb-0fa38177",
                            "state": "active",
                            "vpc_peering_connection_id": "pcx-b20979db"
                        },
                        "meta": {},
                        "tainted": false
                    },
                    "deposed": [],
                    "provider": ""
                },
                "aws_route.bastion_natdc.1": {
                    "type": "aws_route",
                    "depends_on": [
                        "aws_route_table.natdc.*",
                        "aws_vpc_peering_connection.infra"
                    ],
                    "primary": {
                        "id": "r-rtb-43ac8e3b1488671911",
                        "attributes": {
                            "destination_cidr_block": "10.127.22.7/32",
                            "destination_prefix_list_id": "",
                            "egress_only_gateway_id": "",
                            "gateway_id": "",
                            "id": "r-rtb-43ac8e3b1488671911",
                            "instance_id": "",
                            "instance_owner_id": "",
                            "nat_gateway_id": "",
                            "network_interface_id": "",
                            "origin": "CreateRoute",
                            "route_table_id": "rtb-43ac8e3b",
                            "state": "active",
                            "vpc_peering_connection_id": "pcx-b20979db"
                        },
                        "meta": {},
                        "tainted": false
                    },
                    "deposed": [],
                    "provider": ""
                },
                "aws_route.bastion_natdc.2": {
                    "type": "aws_route",
                    "depends_on": [
                        "aws_route_table.natdc.*",
                        "aws_vpc_peering_connection.infra"
                    ],
                    "primary": {
                        "id": "r-rtb-a2aa88da1488671911",
                        "attributes": {
                            "destination_cidr_block": "10.127.22.7/32",
                            "destination_prefix_list_id": "",
                            "egress_only_gateway_id": "",
                            "gateway_id": "",
                            "id": "r-rtb-a2aa88da1488671911",
                            "instance_id": "",
                            "instance_owner_id": "",
                            "nat_gateway_id": "",
                            "network_interface_id": "",
                            "origin": "CreateRoute",
                            "route_table_id": "rtb-a2aa88da",
                            "state": "active",
                            "vpc_peering_connection_id": "pcx-b20979db"
                        },
                        "meta": {},
                        "tainted": false
                    },
                    "deposed": [],
                    "provider": ""
                },
                "aws_route.bastion_natdc.3": {
                    "type": "aws_route",
                    "depends_on": [
                        "aws_route_table.natdc.*",
                        "aws_vpc_peering_connection.infra"
                    ],
                    "primary": {
                        "id": "r-rtb-f0a684881488671911",
                        "attributes": {
                            "destination_cidr_block": "10.127.22.7/32",
                            "destination_prefix_list_id": "",
                            "egress_only_gateway_id": "",
                            "gateway_id": "",
                            "id": "r-rtb-f0a684881488671911",
                            "instance_id": "",
                            "instance_owner_id": "",
                            "nat_gateway_id": "",
                            "network_interface_id": "",
                            "origin": "CreateRoute",
                            "route_table_id": "rtb-f0a68488",
                            "state": "active",
                            "vpc_peering_connection_id": "pcx-b20979db"
                        },
                        "meta": {},
                        "tainted": false
                    },
                    "deposed": [],
                    "provider": ""
                },
                "aws_route.bastion_natdc.4": {
                    "type": "aws_route",
                    "depends_on": [
                        "aws_route_table.natdc.*",
                        "aws_vpc_peering_connection.infra"
                    ],
                    "primary": {
                        "id": "r-rtb-02af8d7a1488671911",
                        "attributes": {
                            "destination_cidr_block": "10.127.22.7/32",
                            "destination_prefix_list_id": "",
                            "egress_only_gateway_id": "",
                            "gateway_id": "",
                            "id": "r-rtb-02af8d7a1488671911",
                            "instance_id": "",
                            "instance_owner_id": "",
                            "nat_gateway_id": "",
                            "network_interface_id": "",
                            "origin": "CreateRoute",
                            "route_table_id": "rtb-02af8d7a",
                            "state": "active",
                            "vpc_peering_connection_id": "pcx-b20979db"
                        },
                        "meta": {},
                        "tainted": false
                    },
                    "deposed": [],
                    "provider": ""
                },
                "aws_route.bastion_private": {
                    "type": "aws_route",
                    "depends_on": [
                        "aws_route_table.private",
                        "aws_vpc_peering_connection.infra"
                    ],
                    "primary": {
                        "id": "r-rtb-43a6843b1488671911",
                        "attributes": {
                            "destination_cidr_block": "10.127.22.7/32",
                            "destination_prefix_list_id": "",
                            "egress_only_gateway_id": "",
                            "gateway_id": "",
                            "id": "r-rtb-43a6843b1488671911",
                            "instance_id": "",
                            "instance_owner_id": "",
                            "nat_gateway_id": "",
                            "network_interface_id": "",
                            "origin": "CreateRoute",
                            "route_table_id": "rtb-43a6843b",
                            "state": "active",
                            "vpc_peering_connection_id": "pcx-b20979db"
                        },
                        "meta": {},
                        "tainted": false
                    },
                    "deposed": [],
                    "provider": ""
                },
                "aws_route.bastion_public": {
                    "type": "aws_route",
                    "depends_on": [
                        "aws_route_table.public",
                        "aws_vpc_peering_connection.infra"
                    ],
                    "primary": {
                        "id": "r-rtb-eda587951488671911",
                        "attributes": {
                            "destination_cidr_block": "10.127.22.7/32",
                            "destination_prefix_list_id": "",
                            "egress_only_gateway_id": "",
                            "gateway_id": "",
                            "id": "r-rtb-eda587951488671911",
                            "instance_id": "",
                            "instance_owner_id": "",
                            "nat_gateway_id": "",
                            "network_interface_id": "",
                            "origin": "CreateRoute",
                            "route_table_id": "rtb-eda58795",
                            "state": "active",
                            "vpc_peering_connection_id": "pcx-b20979db"
                        },
                        "meta": {},
                        "tainted": false
                    },
                    "deposed": [],
                    "provider": ""
                },
                "aws_route.infra_natdc.0": {
                    "type": "aws_route",
                    "depends_on": [
                        "aws_vpc_peering_connection.infra"
                    ],
                    "primary": {
                        "id": "r-rtb-4ef0d2361472393038",
                        "attributes": {
                            "destination_cidr_block": "10.123.24.0/22",
                            "destination_prefix_list_id": "",
                            "egress_only_gateway_id": "",
                            "gateway_id": "",
                            "id": "r-rtb-4ef0d2361472393038",
                            "instance_id": "",
                            "instance_owner_id": "",
                            "nat_gateway_id": "",
                            "network_interface_id": "",
                            "origin": "CreateRoute",
                            "route_table_id": "rtb-4ef0d236",
                            "state": "active",
                            "vpc_peering_connection_id": "pcx-b20979db"
                        },
                        "meta": {},
                        "tainted": false
                    },
                    "deposed": [],
                    "provider": ""
                },
                "aws_route.infra_natdc.1": {
                    "type": "aws_route",
                    "depends_on": [
                        "aws_vpc_peering_connection.infra"
                    ],
                    "primary": {
                        "id": "r-rtb-48efcd301472393038",
                        "attributes": {
                            "destination_cidr_block": "10.123.24.0/22",
                            "destination_prefix_list_id": "",
                            "egress_only_gateway_id": "",
                            "gateway_id": "",
                            "id": "r-rtb-48efcd301472393038",
                            "instance_id": "",
                            "instance_owner_id": "",
                            "nat_gateway_id": "",
                            "network_interface_id": "",
                            "origin": "CreateRoute",
                            "route_table_id": "rtb-48efcd30",
                            "state": "active",
                            "vpc_peering_connection_id": "pcx-b20979db"
                        },
                        "meta": {},
                        "tainted": false
                    },
                    "deposed": [],
                    "provider": ""
                },
                "aws_route.infra_natdc.2": {
                    "type": "aws_route",
                    "depends_on": [
                        "aws_vpc_peering_connection.infra"
                    ],
                    "primary": {
                        "id": "r-rtb-aef3d1d61472393038",
                        "attributes": {
                            "destination_cidr_block": "10.123.24.0/22",
                            "destination_prefix_list_id": "",
                            "egress_only_gateway_id": "",
                            "gateway_id": "",
                            "id": "r-rtb-aef3d1d61472393038",
                            "instance_id": "",
                            "instance_owner_id": "",
                            "nat_gateway_id": "",
                            "network_interface_id": "",
                            "origin": "CreateRoute",
                            "route_table_id": "rtb-aef3d1d6",
                            "state": "active",
                            "vpc_peering_connection_id": "pcx-b20979db"
                        },
                        "meta": {},
                        "tainted": false
                    },
                    "deposed": [],
                    "provider": ""
                },
                "aws_route.infra_natdc.3": {
                    "type": "aws_route",
                    "depends_on": [
                        "aws_vpc_peering_connection.infra"
                    ],
                    "primary": {
                        "id": "r-rtb-adf3d1d51472393038",
                        "attributes": {
                            "destination_cidr_block": "10.123.24.0/22",
                            "destination_prefix_list_id": "",
                            "egress_only_gateway_id": "",
                            "gateway_id": "",
                            "id": "r-rtb-adf3d1d51472393038",
                            "instance_id": "",
                            "instance_owner_id": "",
                            "nat_gateway_id": "",
                            "network_interface_id": "",
                            "origin": "CreateRoute",
                            "route_table_id": "rtb-adf3d1d5",
                            "state": "active",
                            "vpc_peering_connection_id": "pcx-b20979db"
                        },
                        "meta": {},
                        "tainted": false
                    },
                    "deposed": [],
                    "provider": ""
                },
                "aws_route.infra_natdc.4": {
                    "type": "aws_route",
                    "depends_on": [
                        "aws_vpc_peering_connection.infra"
                    ],
                    "primary": {
                        "id": "r-rtb-7beecc031472393038",
                        "attributes": {
                            "destination_cidr_block": "10.123.24.0/22",
                            "destination_prefix_list_id": "",
                            "egress_only_gateway_id": "",
                            "gateway_id": "",
                            "id": "r-rtb-7beecc031472393038",
                            "instance_id": "",
                            "instance_owner_id": "",
                            "nat_gateway_id": "",
                            "network_interface_id": "",
                            "origin": "CreateRoute",
                            "route_table_id": "rtb-7beecc03",
                            "state": "active",
                            "vpc_peering_connection_id": "pcx-b20979db"
                        },
                        "meta": {},
                        "tainted": false
                    },
                    "deposed": [],
                    "provider": ""
                },
                "aws_route.infra_private": {
                    "type": "aws_route",
                    "depends_on": [
                        "aws_vpc_peering_connection.infra"
                    ],
                    "primary": {
                        "id": "r-rtb-c0e6c4b81472393038",
                        "attributes": {
                            "destination_cidr_block": "10.123.24.0/22",
                            "destination_prefix_list_id": "",
                            "egress_only_gateway_id": "",
                            "gateway_id": "",
                            "id": "r-rtb-c0e6c4b81472393038",
                            "instance_id": "",
                            "instance_owner_id": "",
                            "nat_gateway_id": "",
                            "network_interface_id": "",
                            "origin": "CreateRoute",
                            "route_table_id": "rtb-c0e6c4b8",
                            "state": "active",
                            "vpc_peering_connection_id": "pcx-b20979db"
                        },
                        "meta": {},
                        "tainted": false
                    },
                    "deposed": [],
                    "provider": ""
                },
                "aws_route.infra_public": {
                    "type": "aws_route",
                    "depends_on": [
                        "aws_vpc_peering_connection.infra"
                    ],
                    "primary": {
                        "id": "r-rtb-77e8ca0f1472393038",
                        "attributes": {
                            "destination_cidr_block": "10.123.24.0/22",
                            "destination_prefix_list_id": "",
                            "egress_only_gateway_id": "",
                            "gateway_id": "",
                            "id": "r-rtb-77e8ca0f1472393038",
                            "instance_id": "",
                            "instance_owner_id": "",
                            "nat_gateway_id": "",
                            "network_interface_id": "",
                            "origin": "CreateRoute",
                            "route_table_id": "rtb-77e8ca0f",
                            "state": "active",
                            "vpc_peering_connection_id": "pcx-b20979db"
                        },
                        "meta": {},
                        "tainted": false
                    },
                    "deposed": [],
                    "provider": ""
                },
                "aws_route.microservices_jcx_natdc.0": {
                    "type": "aws_route",
                    "depends_on": [
                        "aws_route_table.natdc.*"
                    ],
                    "primary": {
                        "id": "r-rtb-0fa381772233008665",
                        "attributes": {
                            "destination_cidr_block": "10.125.96.0/20",
                            "destination_prefix_list_id": "",
                            "egress_only_gateway_id": "",
                            "gateway_id": "",
                            "id": "r-rtb-0fa381772233008665",
                            "instance_id": "",
                            "instance_owner_id": "",
                            "nat_gateway_id": "",
                            "network_interface_id": "",
                            "origin": "CreateRoute",
                            "route_table_id": "rtb-0fa38177",
                            "state": "active",
                            "vpc_peering_connection_id": "pcx-55d4a73c"
                        },
                        "meta": {},
                        "tainted": false
                    },
                    "deposed": [],
                    "provider": ""
                },
                "aws_route.microservices_jcx_natdc.1": {
                    "type": "aws_route",
                    "depends_on": [
                        "aws_route_table.natdc.*"
                    ],
                    "primary": {
                        "id": "r-rtb-43ac8e3b2233008665",
                        "attributes": {
                            "destination_cidr_block": "10.125.96.0/20",
                            "destination_prefix_list_id": "",
                            "egress_only_gateway_id": "",
                            "gateway_id": "",
                            "id": "r-rtb-43ac8e3b2233008665",
                            "instance_id": "",
                            "instance_owner_id": "",
                            "nat_gateway_id": "",
                            "network_interface_id": "",
                            "origin": "CreateRoute",
                            "route_table_id": "rtb-43ac8e3b",
                            "state": "active",
                            "vpc_peering_connection_id": "pcx-55d4a73c"
                        },
                        "meta": {},
                        "tainted": false
                    },
                    "deposed": [],
                    "provider": ""
                },
                "aws_route.microservices_jcx_natdc.2": {
                    "type": "aws_route",
                    "depends_on": [
                        "aws_route_table.natdc.*"
                    ],
                    "primary": {
                        "id": "r-rtb-a2aa88da2233008665",
                        "attributes": {
                            "destination_cidr_block": "10.125.96.0/20",
                            "destination_prefix_list_id": "",
                            "egress_only_gateway_id": "",
                            "gateway_id": "",
                            "id": "r-rtb-a2aa88da2233008665",
                            "instance_id": "",
                            "instance_owner_id": "",
                            "nat_gateway_id": "",
                            "network_interface_id": "",
                            "origin": "CreateRoute",
                            "route_table_id": "rtb-a2aa88da",
                            "state": "active",
                            "vpc_peering_connection_id": "pcx-55d4a73c"
                        },
                        "meta": {},
                        "tainted": false
                    },
                    "deposed": [],
                    "provider": ""
                },
                "aws_route.microservices_jcx_natdc.3": {
                    "type": "aws_route",
                    "depends_on": [
                        "aws_route_table.natdc.*"
                    ],
                    "primary": {
                        "id": "r-rtb-f0a684882233008665",
                        "attributes": {
                            "destination_cidr_block": "10.125.96.0/20",
                            "destination_prefix_list_id": "",
                            "egress_only_gateway_id": "",
                            "gateway_id": "",
                            "id": "r-rtb-f0a684882233008665",
                            "instance_id": "",
                            "instance_owner_id": "",
                            "nat_gateway_id": "",
                            "network_interface_id": "",
                            "origin": "CreateRoute",
                            "route_table_id": "rtb-f0a68488",
                            "state": "active",
                            "vpc_peering_connection_id": "pcx-55d4a73c"
                        },
                        "meta": {},
                        "tainted": false
                    },
                    "deposed": [],
                    "provider": ""
                },
                "aws_route.microservices_jcx_natdc.4": {
                    "type": "aws_route",
                    "depends_on": [
                        "aws_route_table.natdc.*"
                    ],
                    "primary": {
                        "id": "r-rtb-02af8d7a2233008665",
                        "attributes": {
                            "destination_cidr_block": "10.125.96.0/20",
                            "destination_prefix_list_id": "",
                            "egress_only_gateway_id": "",
                            "gateway_id": "",
                            "id": "r-rtb-02af8d7a2233008665",
                            "instance_id": "",
                            "instance_owner_id": "",
                            "nat_gateway_id": "",
                            "network_interface_id": "",
                            "origin": "CreateRoute",
                            "route_table_id": "rtb-02af8d7a",
                            "state": "active",
                            "vpc_peering_connection_id": "pcx-55d4a73c"
                        },
                        "meta": {},
                        "tainted": false
                    },
                    "deposed": [],
                    "provider": ""
                },
                "aws_route.microservices_jcx_private": {
                    "type": "aws_route",
                    "depends_on": [
                        "aws_route_table.private"
                    ],
                    "primary": {
                        "id": "r-rtb-43a6843b2233008665",
                        "attributes": {
                            "destination_cidr_block": "10.125.96.0/20",
                            "destination_prefix_list_id": "",
                            "egress_only_gateway_id": "",
                            "gateway_id": "",
                            "id": "r-rtb-43a6843b2233008665",
                            "instance_id": "",
                            "instance_owner_id": "",
                            "nat_gateway_id": "",
                            "network_interface_id": "",
                            "origin": "CreateRoute",
                            "route_table_id": "rtb-43a6843b",
                            "state": "active",
                            "vpc_peering_connection_id": "pcx-55d4a73c"
                        },
                        "meta": {},
                        "tainted": false
                    },
                    "deposed": [],
                    "provider": ""
                },
                "aws_route.microservices_jcx_public": {
                    "type": "aws_route",
                    "depends_on": [
                        "aws_route_table.public"
                    ],
                    "primary": {
                        "id": "r-rtb-eda587952233008665",
                        "attributes": {
                            "destination_cidr_block": "10.125.96.0/20",
                            "destination_prefix_list_id": "",
                            "egress_only_gateway_id": "",
                            "gateway_id": "",
                            "id": "r-rtb-eda587952233008665",
                            "instance_id": "",
                            "instance_owner_id": "",
                            "nat_gateway_id": "",
                            "network_interface_id": "",
                            "origin": "CreateRoute",
                            "route_table_id": "rtb-eda58795",
                            "state": "active",
                            "vpc_peering_connection_id": "pcx-55d4a73c"
                        },
                        "meta": {},
                        "tainted": false
                    },
                    "deposed": [],
                    "provider": ""
                },
                "aws_route.microservices_natdc.0": {
                    "type": "aws_route",
                    "depends_on": [
                        "aws_route_table.natdc.*"
                    ],
                    "primary": {
                        "id": "r-rtb-0fa381773773308537",
                        "attributes": {
                            "destination_cidr_block": "10.125.0.0/19",
                            "destination_prefix_list_id": "",
                            "egress_only_gateway_id": "",
                            "gateway_id": "",
                            "id": "r-rtb-0fa381773773308537",
                            "instance_id": "",
                            "instance_owner_id": "",
                            "nat_gateway_id": "",
                            "network_interface_id": "",
                            "origin": "CreateRoute",
                            "route_table_id": "rtb-0fa38177",
                            "state": "active",
                            "vpc_peering_connection_id": "pcx-57e6953e"
                        },
                        "meta": {},
                        "tainted": false
                    },
                    "deposed": [],
                    "provider": ""
                },
                "aws_route.microservices_natdc.1": {
                    "type": "aws_route",
                    "depends_on": [
                        "aws_route_table.natdc.*"
                    ],
                    "primary": {
                        "id": "r-rtb-43ac8e3b3773308537",
                        "attributes": {
                            "destination_cidr_block": "10.125.0.0/19",
                            "destination_prefix_list_id": "",
                            "egress_only_gateway_id": "",
                            "gateway_id": "",
                            "id": "r-rtb-43ac8e3b3773308537",
                            "instance_id": "",
                            "instance_owner_id": "",
                            "nat_gateway_id": "",
                            "network_interface_id": "",
                            "origin": "CreateRoute",
                            "route_table_id": "rtb-43ac8e3b",
                            "state": "active",
                            "vpc_peering_connection_id": "pcx-57e6953e"
                        },
                        "meta": {},
                        "tainted": false
                    },
                    "deposed": [],
                    "provider": ""
                },
                "aws_route.microservices_natdc.2": {
                    "type": "aws_route",
                    "depends_on": [
                        "aws_route_table.natdc.*"
                    ],
                    "primary": {
                        "id": "r-rtb-a2aa88da3773308537",
                        "attributes": {
                            "destination_cidr_block": "10.125.0.0/19",
                            "destination_prefix_list_id": "",
                            "egress_only_gateway_id": "",
                            "gateway_id": "",
                            "id": "r-rtb-a2aa88da3773308537",
                            "instance_id": "",
                            "instance_owner_id": "",
                            "nat_gateway_id": "",
                            "network_interface_id": "",
                            "origin": "CreateRoute",
                            "route_table_id": "rtb-a2aa88da",
                            "state": "active",
                            "vpc_peering_connection_id": "pcx-57e6953e"
                        },
                        "meta": {},
                        "tainted": false
                    },
                    "deposed": [],
                    "provider": ""
                },
                "aws_route.microservices_natdc.3": {
                    "type": "aws_route",
                    "depends_on": [
                        "aws_route_table.natdc.*"
                    ],
                    "primary": {
                        "id": "r-rtb-f0a684883773308537",
                        "attributes": {
                            "destination_cidr_block": "10.125.0.0/19",
                            "destination_prefix_list_id": "",
                            "egress_only_gateway_id": "",
                            "gateway_id": "",
                            "id": "r-rtb-f0a684883773308537",
                            "instance_id": "",
                            "instance_owner_id": "",
                            "nat_gateway_id": "",
                            "network_interface_id": "",
                            "origin": "CreateRoute",
                            "route_table_id": "rtb-f0a68488",
                            "state": "active",
                            "vpc_peering_connection_id": "pcx-57e6953e"
                        },
                        "meta": {},
                        "tainted": false
                    },
                    "deposed": [],
                    "provider": ""
                },
                "aws_route.microservices_natdc.4": {
                    "type": "aws_route",
                    "depends_on": [
                        "aws_route_table.natdc.*"
                    ],
                    "primary": {
                        "id": "r-rtb-02af8d7a3773308537",
                        "attributes": {
                            "destination_cidr_block": "10.125.0.0/19",
                            "destination_prefix_list_id": "",
                            "egress_only_gateway_id": "",
                            "gateway_id": "",
                            "id": "r-rtb-02af8d7a3773308537",
                            "instance_id": "",
                            "instance_owner_id": "",
                            "nat_gateway_id": "",
                            "network_interface_id": "",
                            "origin": "CreateRoute",
                            "route_table_id": "rtb-02af8d7a",
                            "state": "active",
                            "vpc_peering_connection_id": "pcx-57e6953e"
                        },
                        "meta": {},
                        "tainted": false
                    },
                    "deposed": [],
                    "provider": ""
                },
                "aws_route.microservices_private": {
                    "type": "aws_route",
                    "depends_on": [
                        "aws_route_table.private"
                    ],
                    "primary": {
                        "id": "r-rtb-43a6843b3773308537",
                        "attributes": {
                            "destination_cidr_block": "10.125.0.0/19",
                            "destination_prefix_list_id": "",
                            "egress_only_gateway_id": "",
                            "gateway_id": "",
                            "id": "r-rtb-43a6843b3773308537",
                            "instance_id": "",
                            "instance_owner_id": "",
                            "nat_gateway_id": "",
                            "network_interface_id": "",
                            "origin": "CreateRoute",
                            "route_table_id": "rtb-43a6843b",
                            "state": "active",
                            "vpc_peering_connection_id": "pcx-57e6953e"
                        },
                        "meta": {},
                        "tainted": false
                    },
                    "deposed": [],
                    "provider": ""
                },
                "aws_route.microservices_public": {
                    "type": "aws_route",
                    "depends_on": [
                        "aws_route_table.public"
                    ],
                    "primary": {
                        "id": "r-rtb-eda587953773308537",
                        "attributes": {
                            "destination_cidr_block": "10.125.0.0/19",
                            "destination_prefix_list_id": "",
                            "egress_only_gateway_id": "",
                            "gateway_id": "",
                            "id": "r-rtb-eda587953773308537",
                            "instance_id": "",
                            "instance_owner_id": "",
                            "nat_gateway_id": "",
                            "network_interface_id": "",
                            "origin": "CreateRoute",
                            "route_table_id": "rtb-eda58795",
                            "state": "active",
                            "vpc_peering_connection_id": "pcx-57e6953e"
                        },
                        "meta": {},
                        "tainted": false
                    },
                    "deposed": [],
                    "provider": ""
                },
                "aws_route53_zone_association.route53": {
                    "type": "aws_route53_zone_association",
                    "depends_on": [
                        "aws_vpc.main"
                    ],
                    "primary": {
                        "id": "Z3AIHK7L8DPDVB:vpc-5ff36c26",
                        "attributes": {
                            "id": "Z3AIHK7L8DPDVB:vpc-5ff36c26",
                            "vpc_id": "vpc-5ff36c26",
                            "vpc_region": "us-east-1",
                            "zone_id": "Z3AIHK7L8DPDVB"
                        },
                        "meta": {},
                        "tainted": false
                    },
                    "deposed": [],
                    "provider": ""
                },
                "aws_route_table.natdc.0": {
                    "type": "aws_route_table",
                    "depends_on": [
                        "aws_nat_gateway.natgw.*",
                        "aws_vpc.main",
                        "aws_vpn_gateway.vgw"
                    ],
                    "primary": {
                        "id": "rtb-0fa38177",
                        "attributes": {
                            "id": "rtb-0fa38177",
                            "propagating_vgws.#": "1",
                            "propagating_vgws.2539144279": "vgw-b48a61dd",
                            "route.#": "4",
                            "route.1082823169.cidr_block": "10.125.0.0/19",
                            "route.1082823169.egress_only_gateway_id": "",
                            "route.1082823169.gateway_id": "",
                            "route.1082823169.instance_id": "",
                            "route.1082823169.ipv6_cidr_block": "",
                            "route.1082823169.nat_gateway_id": "",
                            "route.1082823169.network_interface_id": "",
                            "route.1082823169.vpc_peering_connection_id": "pcx-57e6953e",
                            "route.1523596200.cidr_block": "0.0.0.0/0",
                            "route.1523596200.egress_only_gateway_id": "",
                            "route.1523596200.gateway_id": "",
                            "route.1523596200.instance_id": "",
                            "route.1523596200.ipv6_cidr_block": "",
                            "route.1523596200.nat_gateway_id": "nat-03734cd2d2ab2a914",
                            "route.1523596200.network_interface_id": "",
                            "route.1523596200.vpc_peering_connection_id": "",
                            "route.1531767810.cidr_block": "10.125.96.0/20",
                            "route.1531767810.egress_only_gateway_id": "",
                            "route.1531767810.gateway_id": "",
                            "route.1531767810.instance_id": "",
                            "route.1531767810.ipv6_cidr_block": "",
                            "route.1531767810.nat_gateway_id": "",
                            "route.1531767810.network_interface_id": "",
                            "route.1531767810.vpc_peering_connection_id": "pcx-55d4a73c",
                            "route.2594477464.cidr_block": "10.127.22.7/32",
                            "route.2594477464.egress_only_gateway_id": "",
                            "route.2594477464.gateway_id": "",
                            "route.2594477464.instance_id": "",
                            "route.2594477464.ipv6_cidr_block": "",
                            "route.2594477464.nat_gateway_id": "",
                            "route.2594477464.network_interface_id": "",
                            "route.2594477464.vpc_peering_connection_id": "pcx-b20979db",
                            "tags.%": "5",
                            "tags.Name": "release-natdc-routetable",
                            "tags.account_name": "jive-data-pipeline",
                            "tags.pipeline_phase": "release",
                            "tags.region": "us-east-1",
                            "tags.sla": "non-prod",
                            "vpc_id": "vpc-5ff36c26"
                        },
                        "meta": {},
                        "tainted": false
                    },
                    "deposed": [],
                    "provider": ""
                },
                "aws_route_table.natdc.1": {
                    "type": "aws_route_table",
                    "depends_on": [
                        "aws_nat_gateway.natgw.*",
                        "aws_vpc.main",
                        "aws_vpn_gateway.vgw"
                    ],
                    "primary": {
                        "id": "rtb-43ac8e3b",
                        "attributes": {
                            "id": "rtb-43ac8e3b",
                            "propagating_vgws.#": "1",
                            "propagating_vgws.2539144279": "vgw-b48a61dd",
                            "route.#": "4",
                            "route.1082823169.cidr_block": "10.125.0.0/19",
                            "route.1082823169.egress_only_gateway_id": "",
                            "route.1082823169.gateway_id": "",
                            "route.1082823169.instance_id": "",
                            "route.1082823169.ipv6_cidr_block": "",
                            "route.1082823169.nat_gateway_id": "",
                            "route.1082823169.network_interface_id": "",
                            "route.1082823169.vpc_peering_connection_id": "pcx-57e6953e",
                            "route.1531767810.cidr_block": "10.125.96.0/20",
                            "route.1531767810.egress_only_gateway_id": "",
                            "route.1531767810.gateway_id": "",
                            "route.1531767810.instance_id": "",
                            "route.1531767810.ipv6_cidr_block": "",
                            "route.1531767810.nat_gateway_id": "",
                            "route.1531767810.network_interface_id": "",
                            "route.1531767810.vpc_peering_connection_id": "pcx-55d4a73c",
                            "route.2594477464.cidr_block": "10.127.22.7/32",
                            "route.2594477464.egress_only_gateway_id": "",
                            "route.2594477464.gateway_id": "",
                            "route.2594477464.instance_id": "",
                            "route.2594477464.ipv6_cidr_block": "",
                            "route.2594477464.nat_gateway_id": "",
                            "route.2594477464.network_interface_id": "",
                            "route.2594477464.vpc_peering_connection_id": "pcx-b20979db",
                            "route.4139399525.cidr_block": "0.0.0.0/0",
                            "route.4139399525.egress_only_gateway_id": "",
                            "route.4139399525.gateway_id": "",
                            "route.4139399525.instance_id": "",
                            "route.4139399525.ipv6_cidr_block": "",
                            "route.4139399525.nat_gateway_id": "nat-032c0868289c9abe4",
                            "route.4139399525.network_interface_id": "",
                            "route.4139399525.vpc_peering_connection_id": "",
                            "tags.%": "5",
                            "tags.Name": "release-natdc-routetable",
                            "tags.account_name": "jive-data-pipeline",
                            "tags.pipeline_phase": "release",
                            "tags.region": "us-east-1",
                            "tags.sla": "non-prod",
                            "vpc_id": "vpc-5ff36c26"
                        },
                        "meta": {},
                        "tainted": false
                    },
                    "deposed": [],
                    "provider": ""
                },
                "aws_route_table.natdc.2": {
                    "type": "aws_route_table",
                    "depends_on": [
                        "aws_nat_gateway.natgw.*",
                        "aws_vpc.main",
                        "aws_vpn_gateway.vgw"
                    ],
                    "primary": {
                        "id": "rtb-a2aa88da",
                        "attributes": {
                            "id": "rtb-a2aa88da",
                            "propagating_vgws.#": "1",
                            "propagating_vgws.2539144279": "vgw-b48a61dd",
                            "route.#": "4",
                            "route.1082823169.cidr_block": "10.125.0.0/19",
                            "route.1082823169.egress_only_gateway_id": "",
                            "route.1082823169.gateway_id": "",
                            "route.1082823169.instance_id": "",
                            "route.1082823169.ipv6_cidr_block": "",
                            "route.1082823169.nat_gateway_id": "",
                            "route.1082823169.network_interface_id": "",
                            "route.1082823169.vpc_peering_connection_id": "pcx-57e6953e",
                            "route.1531767810.cidr_block": "10.125.96.0/20",
                            "route.1531767810.egress_only_gateway_id": "",
                            "route.1531767810.gateway_id": "",
                            "route.1531767810.instance_id": "",
                            "route.1531767810.ipv6_cidr_block": "",
                            "route.1531767810.nat_gateway_id": "",
                            "route.1531767810.network_interface_id": "",
                            "route.1531767810.vpc_peering_connection_id": "pcx-55d4a73c",
                            "route.2270113426.cidr_block": "0.0.0.0/0",
                            "route.2270113426.egress_only_gateway_id": "",
                            "route.2270113426.gateway_id": "",
                            "route.2270113426.instance_id": "",
                            "route.2270113426.ipv6_cidr_block": "",
                            "route.2270113426.nat_gateway_id": "nat-0a49c39b5db1abdf8",
                            "route.2270113426.network_interface_id": "",
                            "route.2270113426.vpc_peering_connection_id": "",
                            "route.2594477464.cidr_block": "10.127.22.7/32",
                            "route.2594477464.egress_only_gateway_id": "",
                            "route.2594477464.gateway_id": "",
                            "route.2594477464.instance_id": "",
                            "route.2594477464.ipv6_cidr_block": "",
                            "route.2594477464.nat_gateway_id": "",
                            "route.2594477464.network_interface_id": "",
                            "route.2594477464.vpc_peering_connection_id": "pcx-b20979db",
                            "tags.%": "5",
                            "tags.Name": "release-natdc-routetable",
                            "tags.account_name": "jive-data-pipeline",
                            "tags.pipeline_phase": "release",
                            "tags.region": "us-east-1",
                            "tags.sla": "non-prod",
                            "vpc_id": "vpc-5ff36c26"
                        },
                        "meta": {},
                        "tainted": false
                    },
                    "deposed": [],
                    "provider": ""
                },
                "aws_route_table.natdc.3": {
                    "type": "aws_route_table",
                    "depends_on": [
                        "aws_nat_gateway.natgw.*",
                        "aws_vpc.main",
                        "aws_vpn_gateway.vgw"
                    ],
                    "primary": {
                        "id": "rtb-f0a68488",
                        "attributes": {
                            "id": "rtb-f0a68488",
                            "propagating_vgws.#": "1",
                            "propagating_vgws.2539144279": "vgw-b48a61dd",
                            "route.#": "4",
                            "route.1082823169.cidr_block": "10.125.0.0/19",
                            "route.1082823169.egress_only_gateway_id": "",
                            "route.1082823169.gateway_id": "",
                            "route.1082823169.instance_id": "",
                            "route.1082823169.ipv6_cidr_block": "",
                            "route.1082823169.nat_gateway_id": "",
                            "route.1082823169.network_interface_id": "",
                            "route.1082823169.vpc_peering_connection_id": "pcx-57e6953e",
                            "route.1531767810.cidr_block": "10.125.96.0/20",
                            "route.1531767810.egress_only_gateway_id": "",
                            "route.1531767810.gateway_id": "",
                            "route.1531767810.instance_id": "",
                            "route.1531767810.ipv6_cidr_block": "",
                            "route.1531767810.nat_gateway_id": "",
                            "route.1531767810.network_interface_id": "",
                            "route.1531767810.vpc_peering_connection_id": "pcx-55d4a73c",
                            "route.1994291075.cidr_block": "0.0.0.0/0",
                            "route.1994291075.egress_only_gateway_id": "",
                            "route.1994291075.gateway_id": "",
                            "route.1994291075.instance_id": "",
                            "route.1994291075.ipv6_cidr_block": "",
                            "route.1994291075.nat_gateway_id": "nat-041f2ade75bd7de35",
                            "route.1994291075.network_interface_id": "",
                            "route.1994291075.vpc_peering_connection_id": "",
                            "route.2594477464.cidr_block": "10.127.22.7/32",
                            "route.2594477464.egress_only_gateway_id": "",
                            "route.2594477464.gateway_id": "",
                            "route.2594477464.instance_id": "",
                            "route.2594477464.ipv6_cidr_block": "",
                            "route.2594477464.nat_gateway_id": "",
                            "route.2594477464.network_interface_id": "",
                            "route.2594477464.vpc_peering_connection_id": "pcx-b20979db",
                            "tags.%": "5",
                            "tags.Name": "release-natdc-routetable",
                            "tags.account_name": "jive-data-pipeline",
                            "tags.pipeline_phase": "release",
                            "tags.region": "us-east-1",
                            "tags.sla": "non-prod",
                            "vpc_id": "vpc-5ff36c26"
                        },
                        "meta": {},
                        "tainted": false
                    },
                    "deposed": [],
                    "provider": ""
                },
                "aws_route_table.natdc.4": {
                    "type": "aws_route_table",
                    "depends_on": [
                        "aws_nat_gateway.natgw.*",
                        "aws_vpc.main",
                        "aws_vpn_gateway.vgw"
                    ],
                    "primary": {
                        "id": "rtb-02af8d7a",
                        "attributes": {
                            "id": "rtb-02af8d7a",
                            "propagating_vgws.#": "1",
                            "propagating_vgws.2539144279": "vgw-b48a61dd",
                            "route.#": "4",
                            "route.1082823169.cidr_block": "10.125.0.0/19",
                            "route.1082823169.egress_only_gateway_id": "",
                            "route.1082823169.gateway_id": "",
                            "route.1082823169.instance_id": "",
                            "route.1082823169.ipv6_cidr_block": "",
                            "route.1082823169.nat_gateway_id": "",
                            "route.1082823169.network_interface_id": "",
                            "route.1082823169.vpc_peering_connection_id": "pcx-57e6953e",
                            "route.1531767810.cidr_block": "10.125.96.0/20",
                            "route.1531767810.egress_only_gateway_id": "",
                            "route.1531767810.gateway_id": "",
                            "route.1531767810.instance_id": "",
                            "route.1531767810.ipv6_cidr_block": "",
                            "route.1531767810.nat_gateway_id": "",
                            "route.1531767810.network_interface_id": "",
                            "route.1531767810.vpc_peering_connection_id": "pcx-55d4a73c",
                            "route.2346835498.cidr_block": "0.0.0.0/0",
                            "route.2346835498.egress_only_gateway_id": "",
                            "route.2346835498.gateway_id": "",
                            "route.2346835498.instance_id": "",
                            "route.2346835498.ipv6_cidr_block": "",
                            "route.2346835498.nat_gateway_id": "nat-04882b2e850f8343f",
                            "route.2346835498.network_interface_id": "",
                            "route.2346835498.vpc_peering_connection_id": "",
                            "route.2594477464.cidr_block": "10.127.22.7/32",
                            "route.2594477464.egress_only_gateway_id": "",
                            "route.2594477464.gateway_id": "",
                            "route.2594477464.instance_id": "",
                            "route.2594477464.ipv6_cidr_block": "",
                            "route.2594477464.nat_gateway_id": "",
                            "route.2594477464.network_interface_id": "",
                            "route.2594477464.vpc_peering_connection_id": "pcx-b20979db",
                            "tags.%": "5",
                            "tags.Name": "release-natdc-routetable",
                            "tags.account_name": "jive-data-pipeline",
                            "tags.pipeline_phase": "release",
                            "tags.region": "us-east-1",
                            "tags.sla": "non-prod",
                            "vpc_id": "vpc-5ff36c26"
                        },
                        "meta": {},
                        "tainted": false
                    },
                    "deposed": [],
                    "provider": ""
                },
                "aws_route_table.private": {
                    "type": "aws_route_table",
                    "depends_on": [
                        "aws_vpc.main"
                    ],
                    "primary": {
                        "id": "rtb-43a6843b",
                        "attributes": {
                            "id": "rtb-43a6843b",
                            "propagating_vgws.#": "0",
                            "route.#": "3",
                            "route.1082823169.cidr_block": "10.125.0.0/19",
                            "route.1082823169.egress_only_gateway_id": "",
                            "route.1082823169.gateway_id": "",
                            "route.1082823169.instance_id": "",
                            "route.1082823169.ipv6_cidr_block": "",
                            "route.1082823169.nat_gateway_id": "",
                            "route.1082823169.network_interface_id": "",
                            "route.1082823169.vpc_peering_connection_id": "pcx-57e6953e",
                            "route.1531767810.cidr_block": "10.125.96.0/20",
                            "route.1531767810.egress_only_gateway_id": "",
                            "route.1531767810.gateway_id": "",
                            "route.1531767810.instance_id": "",
                            "route.1531767810.ipv6_cidr_block": "",
                            "route.1531767810.nat_gateway_id": "",
                            "route.1531767810.network_interface_id": "",
                            "route.1531767810.vpc_peering_connection_id": "pcx-55d4a73c",
                            "route.2594477464.cidr_block": "10.127.22.7/32",
                            "route.2594477464.egress_only_gateway_id": "",
                            "route.2594477464.gateway_id": "",
                            "route.2594477464.instance_id": "",
                            "route.2594477464.ipv6_cidr_block": "",
                            "route.2594477464.nat_gateway_id": "",
                            "route.2594477464.network_interface_id": "",
                            "route.2594477464.vpc_peering_connection_id": "pcx-b20979db",
                            "tags.%": "5",
                            "tags.Name": "release-private-routetable",
                            "tags.account_name": "jive-data-pipeline",
                            "tags.pipeline_phase": "release",
                            "tags.region": "us-east-1",
                            "tags.sla": "non-prod",
                            "vpc_id": "vpc-5ff36c26"
                        },
                        "meta": {},
                        "tainted": false
                    },
                    "deposed": [],
                    "provider": ""
                },
                "aws_route_table.public": {
                    "type": "aws_route_table",
                    "depends_on": [
                        "aws_internet_gateway.igw",
                        "aws_vpc.main"
                    ],
                    "primary": {
                        "id": "rtb-eda58795",
                        "attributes": {
                            "id": "rtb-eda58795",
                            "propagating_vgws.#": "0",
                            "route.#": "4",
                            "route.1082823169.cidr_block": "10.125.0.0/19",
                            "route.1082823169.egress_only_gateway_id": "",
                            "route.1082823169.gateway_id": "",
                            "route.1082823169.instance_id": "",
                            "route.1082823169.ipv6_cidr_block": "",
                            "route.1082823169.nat_gateway_id": "",
                            "route.1082823169.network_interface_id": "",
                            "route.1082823169.vpc_peering_connection_id": "pcx-57e6953e",
                            "route.1474665554.cidr_block": "0.0.0.0/0",
                            "route.1474665554.egress_only_gateway_id": "",
                            "route.1474665554.gateway_id": "igw-93a4e9f5",
                            "route.1474665554.instance_id": "",
                            "route.1474665554.ipv6_cidr_block": "",
                            "route.1474665554.nat_gateway_id": "",
                            "route.1474665554.network_interface_id": "",
                            "route.1474665554.vpc_peering_connection_id": "",
                            "route.1531767810.cidr_block": "10.125.96.0/20",
                            "route.1531767810.egress_only_gateway_id": "",
                            "route.1531767810.gateway_id": "",
                            "route.1531767810.instance_id": "",
                            "route.1531767810.ipv6_cidr_block": "",
                            "route.1531767810.nat_gateway_id": "",
                            "route.1531767810.network_interface_id": "",
                            "route.1531767810.vpc_peering_connection_id": "pcx-55d4a73c",
                            "route.2594477464.cidr_block": "10.127.22.7/32",
                            "route.2594477464.egress_only_gateway_id": "",
                            "route.2594477464.gateway_id": "",
                            "route.2594477464.instance_id": "",
                            "route.2594477464.ipv6_cidr_block": "",
                            "route.2594477464.nat_gateway_id": "",
                            "route.2594477464.network_interface_id": "",
                            "route.2594477464.vpc_peering_connection_id": "pcx-b20979db",
                            "tags.%": "6",
                            "tags.KubernetesCluster": "us-east-1_jive-data-pipeline",
                            "tags.Name": "release-public-routetable",
                            "tags.account_name": "jive-data-pipeline",
                            "tags.pipeline_phase": "release",
                            "tags.region": "us-east-1",
                            "tags.sla": "non-prod",
                            "vpc_id": "vpc-5ff36c26"
                        },
                        "meta": {},
                        "tainted": false
                    },
                    "deposed": [],
                    "provider": ""
                },
                "aws_route_table_association.natdc.0": {
                    "type": "aws_route_table_association",
                    "depends_on": [
                        "aws_route_table.natdc.*",
                        "aws_subnet.natdc.*"
                    ],
                    "primary": {
                        "id": "rtbassoc-96726eed",
                        "attributes": {
                            "id": "rtbassoc-96726eed",
                            "route_table_id": "rtb-0fa38177",
                            "subnet_id": "subnet-e299d7aa"
                        },
                        "meta": {},
                        "tainted": false
                    },
                    "deposed": [],
                    "provider": ""
                },
                "aws_route_table_association.natdc.1": {
                    "type": "aws_route_table_association",
                    "depends_on": [
                        "aws_route_table.natdc.*",
                        "aws_subnet.natdc.*"
                    ],
                    "primary": {
                        "id": "rtbassoc-df736fa4",
                        "attributes": {
                            "id": "rtbassoc-df736fa4",
                            "route_table_id": "rtb-43ac8e3b",
                            "subnet_id": "subnet-6bd05e31"
                        },
                        "meta": {},
                        "tainted": false
                    },
                    "deposed": [],
                    "provider": ""
                },
                "aws_route_table_association.natdc.2": {
                    "type": "aws_route_table_association",
                    "depends_on": [
                        "aws_route_table.natdc.*",
                        "aws_subnet.natdc.*"
                    ],
                    "primary": {
                        "id": "rtbassoc-3b7b6740",
                        "attributes": {
                            "id": "rtbassoc-3b7b6740",
                            "route_table_id": "rtb-a2aa88da",
                            "subnet_id": "subnet-99fe19fd"
                        },
                        "meta": {},
                        "tainted": false
                    },
                    "deposed": [],
                    "provider": ""
                },
                "aws_route_table_association.natdc.3": {
                    "type": "aws_route_table_association",
                    "depends_on": [
                        "aws_route_table.natdc.*",
                        "aws_subnet.natdc.*"
                    ],
                    "primary": {
                        "id": "rtbassoc-5175692a",
                        "attributes": {
                            "id": "rtbassoc-5175692a",
                            "route_table_id": "rtb-f0a68488",
                            "subnet_id": "subnet-6d3daa41"
                        },
                        "meta": {},
                        "tainted": false
                    },
                    "deposed": [],
                    "provider": ""
                },
                "aws_route_table_association.natdc.4": {
                    "type": "aws_route_table_association",
                    "depends_on": [
                        "aws_route_table.natdc.*",
                        "aws_subnet.natdc.*"
                    ],
                    "primary": {
                        "id": "rtbassoc-97726eec",
                        "attributes": {
                            "id": "rtbassoc-97726eec",
                            "route_table_id": "rtb-02af8d7a",
                            "subnet_id": "subnet-d37e7fef"
                        },
                        "meta": {},
                        "tainted": false
                    },
                    "deposed": [],
                    "provider": ""
                },
                "aws_route_table_association.private.0": {
                    "type": "aws_route_table_association",
                    "depends_on": [
                        "aws_route_table.private",
                        "aws_subnet.private.*"
                    ],
                    "primary": {
                        "id": "rtbassoc-8a706cf1",
                        "attributes": {
                            "id": "rtbassoc-8a706cf1",
                            "route_table_id": "rtb-43a6843b",
                            "subnet_id": "subnet-9398d6db"
                        },
                        "meta": {},
                        "tainted": false
                    },
                    "deposed": [],
                    "provider": ""
                },
                "aws_route_table_association.private.1": {
                    "type": "aws_route_table_association",
                    "depends_on": [
                        "aws_route_table.private",
                        "aws_subnet.private.*"
                    ],
                    "primary": {
                        "id": "rtbassoc-6a786411",
                        "attributes": {
                            "id": "rtbassoc-6a786411",
                            "route_table_id": "rtb-43a6843b",
                            "subnet_id": "subnet-56eb650c"
                        },
                        "meta": {},
                        "tainted": false
                    },
                    "deposed": [],
                    "provider": ""
                },
                "aws_route_table_association.private.2": {
                    "type": "aws_route_table_association",
                    "depends_on": [
                        "aws_route_table.private",
                        "aws_subnet.private.*"
                    ],
                    "primary": {
                        "id": "rtbassoc-ba7468c1",
                        "attributes": {
                            "id": "rtbassoc-ba7468c1",
                            "route_table_id": "rtb-43a6843b",
                            "subnet_id": "subnet-b4c621d0"
                        },
                        "meta": {},
                        "tainted": false
                    },
                    "deposed": [],
                    "provider": ""
                },
                "aws_route_table_association.private.3": {
                    "type": "aws_route_table_association",
                    "depends_on": [
                        "aws_route_table.private",
                        "aws_subnet.private.*"
                    ],
                    "primary": {
                        "id": "rtbassoc-f575698e",
                        "attributes": {
                            "id": "rtbassoc-f575698e",
                            "route_table_id": "rtb-43a6843b",
                            "subnet_id": "subnet-cd24b3e1"
                        },
                        "meta": {},
                        "tainted": false
                    },
                    "deposed": [],
                    "provider": ""
                },
                "aws_route_table_association.private.4": {
                    "type": "aws_route_table_association",
                    "depends_on": [
                        "aws_route_table.private",
                        "aws_subnet.private.*"
                    ],
                    "primary": {
                        "id": "rtbassoc-cc766ab7",
                        "attributes": {
                            "id": "rtbassoc-cc766ab7",
                            "route_table_id": "rtb-43a6843b",
                            "subnet_id": "subnet-29787915"
                        },
                        "meta": {},
                        "tainted": false
                    },
                    "deposed": [],
                    "provider": ""
                },
                "aws_route_table_association.public.0": {
                    "type": "aws_route_table_association",
                    "depends_on": [
                        "aws_route_table.public",
                        "aws_subnet.public.*"
                    ],
                    "primary": {
                        "id": "rtbassoc-af7a66d4",
                        "attributes": {
                            "id": "rtbassoc-af7a66d4",
                            "route_table_id": "rtb-eda58795",
                            "subnet_id": "subnet-0199d749"
                        },
                        "meta": {},
                        "tainted": false
                    },
                    "deposed": [],
                    "provider": ""
                },
                "aws_route_table_association.public.1": {
                    "type": "aws_route_table_association",
                    "depends_on": [
                        "aws_route_table.public",
                        "aws_subnet.public.*"
                    ],
                    "primary": {
                        "id": "rtbassoc-c47f63bf",
                        "attributes": {
                            "id": "rtbassoc-c47f63bf",
                            "route_table_id": "rtb-eda58795",
                            "subnet_id": "subnet-8aeb65d0"
                        },
                        "meta": {},
                        "tainted": false
                    },
                    "deposed": [],
                    "provider": ""
                },
                "aws_route_table_association.public.2": {
                    "type": "aws_route_table_association",
                    "depends_on": [
                        "aws_route_table.public",
                        "aws_subnet.public.*"
                    ],
                    "primary": {
                        "id": "rtbassoc-33766a48",
                        "attributes": {
                            "id": "rtbassoc-33766a48",
                            "route_table_id": "rtb-eda58795",
                            "subnet_id": "subnet-a4c423c0"
                        },
                        "meta": {},
                        "tainted": false
                    },
                    "deposed": [],
                    "provider": ""
                },
                "aws_route_table_association.public.3": {
                    "type": "aws_route_table_association",
                    "depends_on": [
                        "aws_route_table.public",
                        "aws_subnet.public.*"
                    ],
                    "primary": {
                        "id": "rtbassoc-1d7d6166",
                        "attributes": {
                            "id": "rtbassoc-1d7d6166",
                            "route_table_id": "rtb-eda58795",
                            "subnet_id": "subnet-7325b25f"
                        },
                        "meta": {},
                        "tainted": false
                    },
                    "deposed": [],
                    "provider": ""
                },
                "aws_route_table_association.public.4": {
                    "type": "aws_route_table_association",
                    "depends_on": [
                        "aws_route_table.public",
                        "aws_subnet.public.*"
                    ],
                    "primary": {
                        "id": "rtbassoc-807569fb",
                        "attributes": {
                            "id": "rtbassoc-807569fb",
                            "route_table_id": "rtb-eda58795",
                            "subnet_id": "subnet-29020315"
                        },
                        "meta": {},
                        "tainted": false
                    },
                    "deposed": [],
                    "provider": ""
                },
                "aws_security_group.admin_instance": {
                    "type": "aws_security_group",
                    "depends_on": [
                        "aws_vpc.main"
                    ],
                    "primary": {
                        "id": "sg-41317630",
                        "attributes": {
                            "description": "Admin instances for the VPC",
                            "egress.#": "0",
                            "id": "sg-41317630",
                            "ingress.#": "0",
                            "name": "release-admin-instance",
                            "owner_id": "999547976641",
                            "tags.%": "5",
                            "tags.Name": "release-admin-instance",
                            "tags.account_name": "jive-data-pipeline",
                            "tags.pipeline_phase": "release",
                            "tags.region": "us-east-1",
                            "tags.sla": "non-prod",
                            "vpc_id": "vpc-5ff36c26"
                        },
                        "meta": {},
                        "tainted": false
                    },
                    "deposed": [],
                    "provider": ""
                },
                "aws_security_group.env_instance": {
                    "type": "aws_security_group",
                    "depends_on": [
                        "aws_vpc.main",
                        "data.aws_security_group.bastion"
                    ],
                    "primary": {
                        "id": "sg-de2f68af",
                        "attributes": {
                            "description": "All instances within the evironment",
                            "egress.#": "1",
                            "egress.482069346.cidr_blocks.#": "1",
                            "egress.482069346.cidr_blocks.0": "0.0.0.0/0",
                            "egress.482069346.from_port": "0",
                            "egress.482069346.ipv6_cidr_blocks.#": "0",
                            "egress.482069346.prefix_list_ids.#": "0",
                            "egress.482069346.protocol": "-1",
                            "egress.482069346.security_groups.#": "0",
                            "egress.482069346.self": "false",
                            "egress.482069346.to_port": "0",
                            "id": "sg-de2f68af",
                            "ingress.#": "2",
                            "ingress.1141133116.cidr_blocks.#": "0",
                            "ingress.1141133116.from_port": "8",
                            "ingress.1141133116.ipv6_cidr_blocks.#": "0",
                            "ingress.1141133116.protocol": "icmp",
                            "ingress.1141133116.security_groups.#": "1",
                            "ingress.1141133116.security_groups.2643753069": "sg-5baeea2a",
                            "ingress.1141133116.self": "false",
                            "ingress.1141133116.to_port": "0",
                            "ingress.4184903839.cidr_blocks.#": "0",
                            "ingress.4184903839.from_port": "22",
                            "ingress.4184903839.ipv6_cidr_blocks.#": "0",
                            "ingress.4184903839.protocol": "tcp",
                            "ingress.4184903839.security_groups.#": "1",
                            "ingress.4184903839.security_groups.2643753069": "sg-5baeea2a",
                            "ingress.4184903839.self": "false",
                            "ingress.4184903839.to_port": "22",
                            "name": "release-instance",
                            "owner_id": "999547976641",
                            "tags.%": "5",
                            "tags.Name": "release-instance",
                            "tags.account_name": "jive-data-pipeline",
                            "tags.pipeline_phase": "release",
                            "tags.region": "us-east-1",
                            "tags.sla": "non-prod",
                            "vpc_id": "vpc-5ff36c26"
                        },
                        "meta": {},
                        "tainted": false
                    },
                    "deposed": [],
                    "provider": ""
                },
                "aws_security_group.natgw_instance": {
                    "type": "aws_security_group",
                    "depends_on": [
                        "aws_security_group.env_instance",
                        "aws_vpc.main"
                    ],
                    "primary": {
                        "id": "sg-9f3176ee",
                        "attributes": {
                            "description": "Members of this SG are allowed to send any type of traffic to the NAT Box.",
                            "egress.#": "0",
                            "id": "sg-9f3176ee",
                            "ingress.#": "1",
                            "ingress.2841838828.cidr_blocks.#": "0",
                            "ingress.2841838828.from_port": "0",
                            "ingress.2841838828.ipv6_cidr_blocks.#": "0",
                            "ingress.2841838828.protocol": "-1",
                            "ingress.2841838828.security_groups.#": "1",
                            "ingress.2841838828.security_groups.3106052981": "sg-de2f68af",
                            "ingress.2841838828.self": "false",
                            "ingress.2841838828.to_port": "0",
                            "name": "release-natgw-instance",
                            "owner_id": "999547976641",
                            "tags.%": "5",
                            "tags.Name": "release-natgw-instance",
                            "tags.account_name": "jive-data-pipeline",
                            "tags.pipeline_phase": "release",
                            "tags.region": "us-east-1",
                            "tags.sla": "non-prod",
                            "vpc_id": "vpc-5ff36c26"
                        },
                        "meta": {},
                        "tainted": false
                    },
                    "deposed": [],
                    "provider": ""
                },
                "aws_subnet.natdc.0": {
                    "type": "aws_subnet",
                    "depends_on": [
                        "aws_vpc.main"
                    ],
                    "primary": {
                        "id": "subnet-e299d7aa",
                        "attributes": {
                            "assign_ipv6_address_on_creation": "false",
                            "availability_zone": "us-east-1a",
                            "cidr_block": "10.123.24.0/25",
                            "id": "subnet-e299d7aa",
                            "map_public_ip_on_launch": "false",
                            "tags.%": "7",
                            "tags.KubernetesCluster": "us-east-1_jive-data-pipeline",
                            "tags.Name": "release-natdc-subnet",
                            "tags.account_name": "jive-data-pipeline",
                            "tags.kubernetes.io/role/internal-elb": "us-east-1_jive-data-pipeline",
                            "tags.pipeline_phase": "release",
                            "tags.region": "us-east-1",
                            "tags.sla": "non-prod",
                            "vpc_id": "vpc-5ff36c26"
                        },
                        "meta": {
                            "schema_version": "1"
                        },
                        "tainted": false
                    },
                    "deposed": [],
                    "provider": ""
                },
                "aws_subnet.natdc.1": {
                    "type": "aws_subnet",
                    "depends_on": [
                        "aws_vpc.main"
                    ],
                    "primary": {
                        "id": "subnet-6bd05e31",
                        "attributes": {
                            "assign_ipv6_address_on_creation": "false",
                            "availability_zone": "us-east-1b",
                            "cidr_block": "10.123.24.128/25",
                            "id": "subnet-6bd05e31",
                            "map_public_ip_on_launch": "false",
                            "tags.%": "7",
                            "tags.KubernetesCluster": "us-east-1_jive-data-pipeline",
                            "tags.Name": "release-natdc-subnet",
                            "tags.account_name": "jive-data-pipeline",
                            "tags.kubernetes.io/role/internal-elb": "us-east-1_jive-data-pipeline",
                            "tags.pipeline_phase": "release",
                            "tags.region": "us-east-1",
                            "tags.sla": "non-prod",
                            "vpc_id": "vpc-5ff36c26"
                        },
                        "meta": {
                            "schema_version": "1"
                        },
                        "tainted": false
                    },
                    "deposed": [],
                    "provider": ""
                },
                "aws_subnet.natdc.2": {
                    "type": "aws_subnet",
                    "depends_on": [
                        "aws_vpc.main"
                    ],
                    "primary": {
                        "id": "subnet-99fe19fd",
                        "attributes": {
                            "assign_ipv6_address_on_creation": "false",
                            "availability_zone": "us-east-1c",
                            "cidr_block": "10.123.25.0/25",
                            "id": "subnet-99fe19fd",
                            "map_public_ip_on_launch": "false",
                            "tags.%": "7",
                            "tags.KubernetesCluster": "us-east-1_jive-data-pipeline",
                            "tags.Name": "release-natdc-subnet",
                            "tags.account_name": "jive-data-pipeline",
                            "tags.kubernetes.io/role/internal-elb": "us-east-1_jive-data-pipeline",
                            "tags.pipeline_phase": "release",
                            "tags.region": "us-east-1",
                            "tags.sla": "non-prod",
                            "vpc_id": "vpc-5ff36c26"
                        },
                        "meta": {
                            "schema_version": "1"
                        },
                        "tainted": false
                    },
                    "deposed": [],
                    "provider": ""
                },
                "aws_subnet.natdc.3": {
                    "type": "aws_subnet",
                    "depends_on": [
                        "aws_vpc.main"
                    ],
                    "primary": {
                        "id": "subnet-6d3daa41",
                        "attributes": {
                            "assign_ipv6_address_on_creation": "false",
                            "availability_zone": "us-east-1d",
                            "cidr_block": "10.123.25.128/25",
                            "id": "subnet-6d3daa41",
                            "map_public_ip_on_launch": "false",
                            "tags.%": "7",
                            "tags.KubernetesCluster": "us-east-1_jive-data-pipeline",
                            "tags.Name": "release-natdc-subnet",
                            "tags.account_name": "jive-data-pipeline",
                            "tags.kubernetes.io/role/internal-elb": "us-east-1_jive-data-pipeline",
                            "tags.pipeline_phase": "release",
                            "tags.region": "us-east-1",
                            "tags.sla": "non-prod",
                            "vpc_id": "vpc-5ff36c26"
                        },
                        "meta": {
                            "schema_version": "1"
                        },
                        "tainted": false
                    },
                    "deposed": [],
                    "provider": ""
                },
                "aws_subnet.natdc.4": {
                    "type": "aws_subnet",
                    "depends_on": [
                        "aws_vpc.main"
                    ],
                    "primary": {
                        "id": "subnet-d37e7fef",
                        "attributes": {
                            "assign_ipv6_address_on_creation": "false",
                            "availability_zone": "us-east-1e",
                            "cidr_block": "10.123.26.0/25",
                            "id": "subnet-d37e7fef",
                            "map_public_ip_on_launch": "false",
                            "tags.%": "7",
                            "tags.KubernetesCluster": "us-east-1_jive-data-pipeline",
                            "tags.Name": "release-natdc-subnet",
                            "tags.account_name": "jive-data-pipeline",
                            "tags.kubernetes.io/role/internal-elb": "us-east-1_jive-data-pipeline",
                            "tags.pipeline_phase": "release",
                            "tags.region": "us-east-1",
                            "tags.sla": "non-prod",
                            "vpc_id": "vpc-5ff36c26"
                        },
                        "meta": {
                            "schema_version": "1"
                        },
                        "tainted": false
                    },
                    "deposed": [],
                    "provider": ""
                },
                "aws_subnet.private.0": {
                    "type": "aws_subnet",
                    "depends_on": [
                        "aws_vpc.main"
                    ],
                    "primary": {
                        "id": "subnet-9398d6db",
                        "attributes": {
                            "assign_ipv6_address_on_creation": "false",
                            "availability_zone": "us-east-1a",
                            "cidr_block": "10.123.27.32/27",
                            "id": "subnet-9398d6db",
                            "map_public_ip_on_launch": "false",
                            "tags.%": "5",
                            "tags.Name": "release-private-subnet",
                            "tags.account_name": "jive-data-pipeline",
                            "tags.pipeline_phase": "release",
                            "tags.region": "us-east-1",
                            "tags.sla": "non-prod",
                            "vpc_id": "vpc-5ff36c26"
                        },
                        "meta": {
                            "schema_version": "1"
                        },
                        "tainted": false
                    },
                    "deposed": [],
                    "provider": ""
                },
                "aws_subnet.private.1": {
                    "type": "aws_subnet",
                    "depends_on": [
                        "aws_vpc.main"
                    ],
                    "primary": {
                        "id": "subnet-56eb650c",
                        "attributes": {
                            "assign_ipv6_address_on_creation": "false",
                            "availability_zone": "us-east-1b",
                            "cidr_block": "10.123.27.64/27",
                            "id": "subnet-56eb650c",
                            "map_public_ip_on_launch": "false",
                            "tags.%": "5",
                            "tags.Name": "release-private-subnet",
                            "tags.account_name": "jive-data-pipeline",
                            "tags.pipeline_phase": "release",
                            "tags.region": "us-east-1",
                            "tags.sla": "non-prod",
                            "vpc_id": "vpc-5ff36c26"
                        },
                        "meta": {
                            "schema_version": "1"
                        },
                        "tainted": false
                    },
                    "deposed": [],
                    "provider": ""
                },
                "aws_subnet.private.2": {
                    "type": "aws_subnet",
                    "depends_on": [
                        "aws_vpc.main"
                    ],
                    "primary": {
                        "id": "subnet-b4c621d0",
                        "attributes": {
                            "assign_ipv6_address_on_creation": "false",
                            "availability_zone": "us-east-1c",
                            "cidr_block": "10.123.27.96/27",
                            "id": "subnet-b4c621d0",
                            "map_public_ip_on_launch": "false",
                            "tags.%": "5",
                            "tags.Name": "release-private-subnet",
                            "tags.account_name": "jive-data-pipeline",
                            "tags.pipeline_phase": "release",
                            "tags.region": "us-east-1",
                            "tags.sla": "non-prod",
                            "vpc_id": "vpc-5ff36c26"
                        },
                        "meta": {
                            "schema_version": "1"
                        },
                        "tainted": false
                    },
                    "deposed": [],
                    "provider": ""
                },
                "aws_subnet.private.3": {
                    "type": "aws_subnet",
                    "depends_on": [
                        "aws_vpc.main"
                    ],
                    "primary": {
                        "id": "subnet-cd24b3e1",
                        "attributes": {
                            "assign_ipv6_address_on_creation": "false",
                            "availability_zone": "us-east-1d",
                            "cidr_block": "10.123.27.128/27",
                            "id": "subnet-cd24b3e1",
                            "map_public_ip_on_launch": "false",
                            "tags.%": "5",
                            "tags.Name": "release-private-subnet",
                            "tags.account_name": "jive-data-pipeline",
                            "tags.pipeline_phase": "release",
                            "tags.region": "us-east-1",
                            "tags.sla": "non-prod",
                            "vpc_id": "vpc-5ff36c26"
                        },
                        "meta": {
                            "schema_version": "1"
                        },
                        "tainted": false
                    },
                    "deposed": [],
                    "provider": ""
                },
                "aws_subnet.private.4": {
                    "type": "aws_subnet",
                    "depends_on": [
                        "aws_vpc.main"
                    ],
                    "primary": {
                        "id": "subnet-29787915",
                        "attributes": {
                            "assign_ipv6_address_on_creation": "false",
                            "availability_zone": "us-east-1e",
                            "cidr_block": "10.123.27.160/27",
                            "id": "subnet-29787915",
                            "map_public_ip_on_launch": "false",
                            "tags.%": "5",
                            "tags.Name": "release-private-subnet",
                            "tags.account_name": "jive-data-pipeline",
                            "tags.pipeline_phase": "release",
                            "tags.region": "us-east-1",
                            "tags.sla": "non-prod",
                            "vpc_id": "vpc-5ff36c26"
                        },
                        "meta": {
                            "schema_version": "1"
                        },
                        "tainted": false
                    },
                    "deposed": [],
                    "provider": ""
                },
                "aws_subnet.public.0": {
                    "type": "aws_subnet",
                    "depends_on": [
                        "aws_vpc.main"
                    ],
                    "primary": {
                        "id": "subnet-0199d749",
                        "attributes": {
                            "assign_ipv6_address_on_creation": "false",
                            "availability_zone": "us-east-1a",
                            "cidr_block": "10.123.26.128/27",
                            "id": "subnet-0199d749",
                            "map_public_ip_on_launch": "false",
                            "tags.%": "6",
                            "tags.KubernetesCluster": "us-east-1_jive-data-pipeline",
                            "tags.Name": "release-public-subnet",
                            "tags.account_name": "jive-data-pipeline",
                            "tags.pipeline_phase": "release",
                            "tags.region": "us-east-1",
                            "tags.sla": "non-prod",
                            "vpc_id": "vpc-5ff36c26"
                        },
                        "meta": {
                            "schema_version": "1"
                        },
                        "tainted": false
                    },
                    "deposed": [],
                    "provider": ""
                },
                "aws_subnet.public.1": {
                    "type": "aws_subnet",
                    "depends_on": [
                        "aws_vpc.main"
                    ],
                    "primary": {
                        "id": "subnet-8aeb65d0",
                        "attributes": {
                            "assign_ipv6_address_on_creation": "false",
                            "availability_zone": "us-east-1b",
                            "cidr_block": "10.123.26.160/27",
                            "id": "subnet-8aeb65d0",
                            "map_public_ip_on_launch": "false",
                            "tags.%": "6",
                            "tags.KubernetesCluster": "us-east-1_jive-data-pipeline",
                            "tags.Name": "release-public-subnet",
                            "tags.account_name": "jive-data-pipeline",
                            "tags.pipeline_phase": "release",
                            "tags.region": "us-east-1",
                            "tags.sla": "non-prod",
                            "vpc_id": "vpc-5ff36c26"
                        },
                        "meta": {
                            "schema_version": "1"
                        },
                        "tainted": false
                    },
                    "deposed": [],
                    "provider": ""
                },
                "aws_subnet.public.2": {
                    "type": "aws_subnet",
                    "depends_on": [
                        "aws_vpc.main"
                    ],
                    "primary": {
                        "id": "subnet-a4c423c0",
                        "attributes": {
                            "assign_ipv6_address_on_creation": "false",
                            "availability_zone": "us-east-1c",
                            "cidr_block": "10.123.26.192/27",
                            "id": "subnet-a4c423c0",
                            "map_public_ip_on_launch": "false",
                            "tags.%": "6",
                            "tags.KubernetesCluster": "us-east-1_jive-data-pipeline",
                            "tags.Name": "release-public-subnet",
                            "tags.account_name": "jive-data-pipeline",
                            "tags.pipeline_phase": "release",
                            "tags.region": "us-east-1",
                            "tags.sla": "non-prod",
                            "vpc_id": "vpc-5ff36c26"
                        },
                        "meta": {
                            "schema_version": "1"
                        },
                        "tainted": false
                    },
                    "deposed": [],
                    "provider": ""
                },
                "aws_subnet.public.3": {
                    "type": "aws_subnet",
                    "depends_on": [
                        "aws_vpc.main"
                    ],
                    "primary": {
                        "id": "subnet-7325b25f",
                        "attributes": {
                            "assign_ipv6_address_on_creation": "false",
                            "availability_zone": "us-east-1d",
                            "cidr_block": "10.123.26.224/27",
                            "id": "subnet-7325b25f",
                            "map_public_ip_on_launch": "false",
                            "tags.%": "6",
                            "tags.KubernetesCluster": "us-east-1_jive-data-pipeline",
                            "tags.Name": "release-public-subnet",
                            "tags.account_name": "jive-data-pipeline",
                            "tags.pipeline_phase": "release",
                            "tags.region": "us-east-1",
                            "tags.sla": "non-prod",
                            "vpc_id": "vpc-5ff36c26"
                        },
                        "meta": {
                            "schema_version": "1"
                        },
                        "tainted": false
                    },
                    "deposed": [],
                    "provider": ""
                },
                "aws_subnet.public.4": {
                    "type": "aws_subnet",
                    "depends_on": [
                        "aws_vpc.main"
                    ],
                    "primary": {
                        "id": "subnet-29020315",
                        "attributes": {
                            "assign_ipv6_address_on_creation": "false",
                            "availability_zone": "us-east-1e",
                            "cidr_block": "10.123.27.0/27",
                            "id": "subnet-29020315",
                            "map_public_ip_on_launch": "false",
                            "tags.%": "6",
                            "tags.KubernetesCluster": "us-east-1_jive-data-pipeline",
                            "tags.Name": "release-public-subnet",
                            "tags.account_name": "jive-data-pipeline",
                            "tags.pipeline_phase": "release",
                            "tags.region": "us-east-1",
                            "tags.sla": "non-prod",
                            "vpc_id": "vpc-5ff36c26"
                        },
                        "meta": {
                            "schema_version": "1"
                        },
                        "tainted": false
                    },
                    "deposed": [],
                    "provider": ""
                },
                "aws_vpc.main": {
                    "type": "aws_vpc",
                    "depends_on": [],
                    "primary": {
                        "id": "vpc-5ff36c26",
                        "attributes": {
                            "assign_generated_ipv6_cidr_block": "false",
                            "cidr_block": "10.123.24.0/22",
                            "default_network_acl_id": "acl-0583857c",
                            "default_route_table_id": "rtb-dfae8ca7",
                            "default_security_group_id": "sg-3c35724d",
                            "dhcp_options_id": "dopt-29e6c44c",
                            "enable_classiclink": "false",
                            "enable_dns_hostnames": "true",
                            "enable_dns_support": "true",
                            "id": "vpc-5ff36c26",
                            "instance_tenancy": "default",
                            "main_route_table_id": "rtb-dfae8ca7",
                            "tags.%": "5",
                            "tags.Name": "release-vpc",
                            "tags.account_name": "jive-data-pipeline",
                            "tags.pipeline_phase": "release",
                            "tags.region": "us-east-1",
                            "tags.sla": "non-prod"
                        },
                        "meta": {
                            "schema_version": "1"
                        },
                        "tainted": false
                    },
                    "deposed": [],
                    "provider": ""
                },
                "aws_vpc_peering_connection.infra": {
                    "type": "aws_vpc_peering_connection",
                    "depends_on": [
                        "aws_vpc.main"
                    ],
                    "primary": {
                        "id": "pcx-b20979db",
                        "attributes": {
                            "accept_status": "active",
                            "accepter.#": "1",
                            "accepter.3244290774.allow_classic_link_to_remote_vpc": "false",
                            "accepter.3244290774.allow_remote_vpc_dns_resolution": "false",
                            "accepter.3244290774.allow_vpc_to_remote_classic_link": "false",
                            "auto_accept": "true",
                            "id": "pcx-b20979db",
                            "peer_owner_id": "999547976641",
                            "peer_vpc_id": "vpc-9021bde9",
                            "requester.#": "1",
                            "requester.3244290774.allow_classic_link_to_remote_vpc": "false",
                            "requester.3244290774.allow_remote_vpc_dns_resolution": "false",
                            "requester.3244290774.allow_vpc_to_remote_classic_link": "false",
                            "tags.%": "5",
                            "tags.Name": "release_to_infra-jive-data-pipeline",
                            "tags.account_name": "jive-data-pipeline",
                            "tags.pipeline_phase": "release",
                            "tags.region": "us-east-1",
                            "tags.sla": "non-prod",
                            "vpc_id": "vpc-5ff36c26"
                        },
                        "meta": {},
                        "tainted": false
                    },
                    "deposed": [],
                    "provider": ""
                },
                "aws_vpn_connection.main": {
                    "type": "aws_vpn_connection",
                    "depends_on": [
                        "aws_vpn_gateway.vgw"
                    ],
                    "primary": {
                        "id": "vpn-e2657683",
                        "attributes": {
                            "customer_gateway_configuration": "\u003c?xml version=\"1.0\" encoding=\"UTF-8\"?\u003e\n\u003cvpn_connection id=\"vpn-e2657683\"\u003e\n  \u003ccustomer_gateway_id\u003ecgw-4d987324\u003c/customer_gateway_id\u003e\n  \u003cvpn_gateway_id\u003evgw-b48a61dd\u003c/vpn_gateway_id\u003e\n  \u003cvpn_connection_type\u003eipsec.1\u003c/vpn_connection_type\u003e\n  \u003cipsec_tunnel\u003e\n    \u003ccustomer_gateway\u003e\n      \u003ctunnel_outside_address\u003e\n        \u003cip_address\u003e204.93.64.130\u003c/ip_address\u003e\n      \u003c/tunnel_outside_address\u003e\n      \u003ctunnel_inside_address\u003e\n        \u003cip_address\u003e169.254.47.130\u003c/ip_address\u003e\n        \u003cnetwork_mask\u003e255.255.255.252\u003c/network_mask\u003e\n        \u003cnetwork_cidr\u003e30\u003c/network_cidr\u003e\n      \u003c/tunnel_inside_address\u003e\n      \u003cbgp\u003e\n        \u003casn\u003e13364\u003c/asn\u003e\n        \u003chold_time\u003e30\u003c/hold_time\u003e\n      \u003c/bgp\u003e\n    \u003c/customer_gateway\u003e\n    \u003cvpn_gateway\u003e\n      \u003ctunnel_outside_address\u003e\n        \u003cip_address\u003e34.204.62.220\u003c/ip_address\u003e\n      \u003c/tunnel_outside_address\u003e\n      \u003ctunnel_inside_address\u003e\n        \u003cip_address\u003e169.254.47.129\u003c/ip_address\u003e\n        \u003cnetwork_mask\u003e255.255.255.252\u003c/network_mask\u003e\n        \u003cnetwork_cidr\u003e30\u003c/network_cidr\u003e\n      \u003c/tunnel_inside_address\u003e\n      \u003cbgp\u003e\n        \u003casn\u003e7224\u003c/asn\u003e\n        \u003chold_time\u003e30\u003c/hold_time\u003e\n      \u003c/bgp\u003e\n    \u003c/vpn_gateway\u003e\n    \u003cike\u003e\n      \u003cauthentication_protocol\u003esha1\u003c/authentication_protocol\u003e\n      \u003cencryption_protocol\u003eaes-128-cbc\u003c/encryption_protocol\u003e\n      \u003clifetime\u003e28800\u003c/lifetime\u003e\n      \u003cperfect_forward_secrecy\u003egroup2\u003c/perfect_forward_secrecy\u003e\n      \u003cmode\u003emain\u003c/mode\u003e\n      \u003cpre_shared_key\u003eixc.LajD8jJWtNzky.kmGQMkXhpaUjQ2\u003c/pre_shared_key\u003e\n    \u003c/ike\u003e\n    \u003cipsec\u003e\n      \u003cprotocol\u003eesp\u003c/protocol\u003e\n      \u003cauthentication_protocol\u003ehmac-sha1-96\u003c/authentication_protocol\u003e\n      \u003cencryption_protocol\u003eaes-128-cbc\u003c/encryption_protocol\u003e\n      \u003clifetime\u003e3600\u003c/lifetime\u003e\n      \u003cperfect_forward_secrecy\u003egroup2\u003c/perfect_forward_secrecy\u003e\n      \u003cmode\u003etunnel\u003c/mode\u003e\n      \u003cclear_df_bit\u003etrue\u003c/clear_df_bit\u003e\n      \u003cfragmentation_before_encryption\u003etrue\u003c/fragmentation_before_encryption\u003e\n      \u003ctcp_mss_adjustment\u003e1379\u003c/tcp_mss_adjustment\u003e\n      \u003cdead_peer_detection\u003e\n        \u003cinterval\u003e10\u003c/interval\u003e\n        \u003cretries\u003e3\u003c/retries\u003e\n      \u003c/dead_peer_detection\u003e\n    \u003c/ipsec\u003e\n  \u003c/ipsec_tunnel\u003e\n  \u003cipsec_tunnel\u003e\n    \u003ccustomer_gateway\u003e\n      \u003ctunnel_outside_address\u003e\n        \u003cip_address\u003e204.93.64.130\u003c/ip_address\u003e\n      \u003c/tunnel_outside_address\u003e\n      \u003ctunnel_inside_address\u003e\n        \u003cip_address\u003e169.254.47.38\u003c/ip_address\u003e\n        \u003cnetwork_mask\u003e255.255.255.252\u003c/network_mask\u003e\n        \u003cnetwork_cidr\u003e30\u003c/network_cidr\u003e\n      \u003c/tunnel_inside_address\u003e\n      \u003cbgp\u003e\n        \u003casn\u003e13364\u003c/asn\u003e\n        \u003chold_time\u003e30\u003c/hold_time\u003e\n      \u003c/bgp\u003e\n    \u003c/customer_gateway\u003e\n    \u003cvpn_gateway\u003e\n      \u003ctunnel_outside_address\u003e\n        \u003cip_address\u003e34.230.223.183\u003c/ip_address\u003e\n      \u003c/tunnel_outside_address\u003e\n      \u003ctunnel_inside_address\u003e\n        \u003cip_address\u003e169.254.47.37\u003c/ip_address\u003e\n        \u003cnetwork_mask\u003e255.255.255.252\u003c/network_mask\u003e\n        \u003cnetwork_cidr\u003e30\u003c/network_cidr\u003e\n      \u003c/tunnel_inside_address\u003e\n      \u003cbgp\u003e\n        \u003casn\u003e7224\u003c/asn\u003e\n        \u003chold_time\u003e30\u003c/hold_time\u003e\n      \u003c/bgp\u003e\n    \u003c/vpn_gateway\u003e\n    \u003cike\u003e\n      \u003cauthentication_protocol\u003esha1\u003c/authentication_protocol\u003e\n      \u003cencryption_protocol\u003eaes-128-cbc\u003c/encryption_protocol\u003e\n      \u003clifetime\u003e28800\u003c/lifetime\u003e\n      \u003cperfect_forward_secrecy\u003egroup2\u003c/perfect_forward_secrecy\u003e\n      \u003cmode\u003emain\u003c/mode\u003e\n      \u003cpre_shared_key\u003eHQmZefOkOecIRs1LITDb4bP5.ABygudB\u003c/pre_shared_key\u003e\n    \u003c/ike\u003e\n    \u003cipsec\u003e\n      \u003cprotocol\u003eesp\u003c/protocol\u003e\n      \u003cauthentication_protocol\u003ehmac-sha1-96\u003c/authentication_protocol\u003e\n      \u003cencryption_protocol\u003eaes-128-cbc\u003c/encryption_protocol\u003e\n      \u003clifetime\u003e3600\u003c/lifetime\u003e\n      \u003cperfect_forward_secrecy\u003egroup2\u003c/perfect_forward_secrecy\u003e\n      \u003cmode\u003etunnel\u003c/mode\u003e\n      \u003cclear_df_bit\u003etrue\u003c/clear_df_bit\u003e\n      \u003cfragmentation_before_encryption\u003etrue\u003c/fragmentation_before_encryption\u003e\n      \u003ctcp_mss_adjustment\u003e1379\u003c/tcp_mss_adjustment\u003e\n      \u003cdead_peer_detection\u003e\n        \u003cinterval\u003e10\u003c/interval\u003e\n        \u003cretries\u003e3\u003c/retries\u003e\n      \u003c/dead_peer_detection\u003e\n    \u003c/ipsec\u003e\n  \u003c/ipsec_tunnel\u003e\n\u003c/vpn_connection\u003e",
                            "customer_gateway_id": "cgw-4d987324",
                            "id": "vpn-e2657683",
                            "routes.#": "0",
                            "static_routes_only": "false",
                            "tags.%": "5",
                            "tags.Name": "release-jive-vpn",
                            "tags.account_name": "jive-data-pipeline",
                            "tags.pipeline_phase": "release",
                            "tags.region": "us-east-1",
                            "tags.sla": "non-prod",
                            "tunnel1_address": "34.204.62.220",
                            "tunnel1_preshared_key": "ixc.LajD8jJWtNzky.kmGQMkXhpaUjQ2",
                            "tunnel2_address": "34.230.223.183",
                            "tunnel2_preshared_key": "HQmZefOkOecIRs1LITDb4bP5.ABygudB",
                            "type": "ipsec.1",
                            "vgw_telemetry.#": "2",
                            "vgw_telemetry.1306594462.accepted_route_count": "0",
                            "vgw_telemetry.1306594462.last_status_change": "2017-08-01 23:16:47 +0000 UTC",
                            "vgw_telemetry.1306594462.outside_ip_address": "34.230.223.183",
                            "vgw_telemetry.1306594462.status": "DOWN",
                            "vgw_telemetry.1306594462.status_message": "IPSEC IS DOWN",
                            "vgw_telemetry.2898053713.accepted_route_count": "0",
                            "vgw_telemetry.2898053713.last_status_change": "2017-08-01 23:15:32 +0000 UTC",
                            "vgw_telemetry.2898053713.outside_ip_address": "34.204.62.220",
                            "vgw_telemetry.2898053713.status": "DOWN",
                            "vgw_telemetry.2898053713.status_message": "IPSEC IS DOWN",
                            "vpn_gateway_id": "vgw-b48a61dd"
                        },
                        "meta": {},
                        "tainted": false
                    },
                    "deposed": [],
                    "provider": ""
                },
                "aws_vpn_gateway.vgw": {
                    "type": "aws_vpn_gateway",
                    "depends_on": [
                        "aws_vpc.main"
                    ],
                    "primary": {
                        "id": "vgw-b48a61dd",
                        "attributes": {
                            "id": "vgw-b48a61dd",
                            "tags.%": "7",
                            "tags.Name": "release-vgw",
                            "tags.account_name": "jive-data-pipeline",
                            "tags.jive_service": "infrastructure",
                            "tags.pipeline_phase": "release",
                            "tags.region": "us-east-1",
                            "tags.service_component": "vpn_gateway",
                            "tags.sla": "non-prod",
                            "vpc_id": "vpc-5ff36c26"
                        },
                        "meta": {},
                        "tainted": false
                    },
                    "deposed": [],
                    "provider": ""
                },
                "data.aws_security_group.bastion": {
                    "type": "aws_security_group",
                    "depends_on": [],
                    "primary": {
                        "id": "sg-5baeea2a",
                        "attributes": {
                            "filter.#": "1",
                            "filter.1988431066.name": "tag:jive_service",
                            "filter.1988431066.values.#": "1",
                            "filter.1988431066.values.2480389212": "infrastructure",
                            "id": "sg-5baeea2a",
                            "name": "infra-pipeline-jive-phx-dc",
                            "tags.%": "6",
                            "tags.Name": "infra-pipeline-jive-phx-dc",
                            "tags.account_name": "jive-data-pipeline",
                            "tags.jive_service": "infrastructure",
                            "tags.pipeline_phase": "infra-pipeline",
                            "tags.region": "us-east-1",
                            "tags.sla": "non-prod",
                            "vpc_id": "vpc-9021bde9"
                        },
                        "meta": {},
                        "tainted": false
                    },
                    "deposed": [],
                    "provider": ""
                }
            },
            "depends_on": []
        }
    ]
}
