{
    "version": 3,
    "terraform_version": "0.9.4",
    "serial": 35,
    "lineage": "05bc1054-e860-47cd-a7a4-8315bc9839c5",
    "modules": [
        {
            "path": [
                "root"
            ],
            "outputs": {},
            "resources": {
                "aws_autoscaling_group.lemur_asg": {
                    "type": "aws_autoscaling_group",
                    "depends_on": [
                        "aws_elb.lemur",
                        "aws_launch_configuration.lemur_node"
                    ],
                    "primary": {
                        "id": "prod-lemur-asg1",
                        "attributes": {
                            "arn": "arn:aws:autoscaling:us-west-2:663559125979:autoScalingGroup:f90f623a-9e75-4a5d-a5e0-090a077c7030:autoScalingGroupName/prod-lemur-asg1",
                            "availability_zones.#": "1",
                            "availability_zones.2487133097": "us-west-2a",
                            "default_cooldown": "300",
                            "desired_capacity": "1",
                            "force_delete": "false",
                            "health_check_grace_period": "30",
                            "health_check_type": "EC2",
                            "id": "prod-lemur-asg1",
                            "launch_configuration": "terraform-20170109230140210481014ca7",
                            "load_balancers.#": "1",
                            "load_balancers.2155450574": "lemur-elb",
                            "max_size": "1",
                            "metrics_granularity": "1Minute",
                            "min_size": "1",
                            "name": "prod-lemur-asg1",
                            "placement_group": "",
                            "protect_from_scale_in": "false",
                            "suspended_processes.#": "0",
                            "tag.#": "9",
                            "tag.142009988.key": "KubernetesCluster",
                            "tag.142009988.propagate_at_launch": "true",
                            "tag.142009988.value": "",
                            "tag.1602530035.key": "Jive_service",
                            "tag.1602530035.propagate_at_launch": "true",
                            "tag.1602530035.value": "lemur",
                            "tag.1816093544.key": "SLA",
                            "tag.1816093544.propagate_at_launch": "true",
                            "tag.1816093544.value": "prod",
                            "tag.3526201331.key": "Account_name",
                            "tag.3526201331.propagate_at_launch": "true",
                            "tag.3526201331.value": "jive-microservices-prod",
                            "tag.3740602722.key": "Name",
                            "tag.3740602722.propagate_at_launch": "true",
                            "tag.3740602722.value": "prod-lemur-instance",
                            "tag.3821981812.key": "Pipeline_phase",
                            "tag.3821981812.propagate_at_launch": "true",
                            "tag.3821981812.value": "prod",
                            "tag.4264505837.key": "Service_component",
                            "tag.4264505837.propagate_at_launch": "true",
                            "tag.4264505837.value": "lemur",
                            "tag.4279558224.key": "Region",
                            "tag.4279558224.propagate_at_launch": "true",
                            "tag.4279558224.value": "us-west-2",
                            "tag.89709878.key": "Hostname",
                            "tag.89709878.propagate_at_launch": "true",
                            "tag.89709878.value": "prod-lemur-instance1",
                            "target_group_arns.#": "0",
                            "termination_policies.#": "0",
                            "vpc_zone_identifier.#": "1",
                            "vpc_zone_identifier.3673496457": "subnet-4e6c2038",
                            "wait_for_capacity_timeout": "10m"
                        },
                        "meta": {},
                        "tainted": false
                    },
                    "deposed": [],
                    "provider": ""
                },
                "aws_db_instance.lemurdb": {
                    "type": "aws_db_instance",
                    "depends_on": [
                        "aws_db_subnet_group.lemur_db_subnet",
                        "aws_security_group.lemur_db"
                    ],
                    "primary": {
                        "id": "lemurdb",
                        "attributes": {
                            "address": "lemurdb.cmci1kjeunxx.us-west-2.rds.amazonaws.com",
                            "allocated_storage": "100",
                            "arn": "arn:aws:rds:us-west-2:663559125979:db:lemurdb",
                            "auto_minor_version_upgrade": "true",
                            "availability_zone": "us-west-2c",
                            "backup_retention_period": "30",
                            "backup_window": "05:00-08:30",
                            "copy_tags_to_snapshot": "false",
                            "db_subnet_group_name": "prod-lemur-db-subnet",
                            "endpoint": "lemurdb.cmci1kjeunxx.us-west-2.rds.amazonaws.com:5432",
                            "engine": "postgres",
                            "engine_version": "9.4.7",
                            "hosted_zone_id": "Z1PVIF0B656C1W",
                            "id": "lemurdb",
                            "identifier": "lemurdb",
                            "instance_class": "db.r3.xlarge",
                            "iops": "1000",
                            "kms_key_id": "arn:aws:kms:us-west-2:663559125979:key/404e2a13-3481-4a22-a0b6-280430d2fbab",
                            "license_model": "postgresql-license",
                            "maintenance_window": "sat:09:30-sat:22:00",
                            "monitoring_interval": "0",
                            "multi_az": "true",
                            "name": "",
                            "option_group_name": "default:postgres-9-4",
                            "parameter_group_name": "default.postgres9.4",
                            "password": "2U1\u00260Q6ea\u00267Z",
                            "port": "5432",
                            "publicly_accessible": "false",
                            "replicas.#": "0",
                            "replicate_source_db": "",
                            "security_group_names.#": "0",
                            "skip_final_snapshot": "false",
                            "status": "available",
                            "storage_encrypted": "true",
                            "storage_type": "io1",
                            "tags.%": "7",
                            "tags.Name": "prod-lemur-db",
                            "tags.account_name": "jive-microservices-prod",
                            "tags.jive_service": "lemur",
                            "tags.pipeline_phase": "prod",
                            "tags.region": "us-west-2",
                            "tags.service_component": "lemur",
                            "tags.sla": "prod",
                            "timezone": "",
                            "username": "lemur",
                            "vpc_security_group_ids.#": "1",
                            "vpc_security_group_ids.1581025207": "sg-b27d7ccb"
                        },
                        "meta": {
                            "e2bfb730-ecaa-11e6-8f88-34363bc7c4c0": {
                                "create": 2400000000000,
                                "delete": 2400000000000,
                                "update": 4800000000000
                            }
                        },
                        "tainted": false
                    },
                    "deposed": [],
                    "provider": ""
                },
                "aws_db_subnet_group.lemur_db_subnet": {
                    "type": "aws_db_subnet_group",
                    "depends_on": [],
                    "primary": {
                        "id": "prod-lemur-db-subnet",
                        "attributes": {
                            "arn": "arn:aws:rds:us-west-2:663559125979:subgrp:prod-lemur-db-subnet",
                            "description": "Lemur DB Subnet Group Managed by Horizon",
                            "id": "prod-lemur-db-subnet",
                            "name": "prod-lemur-db-subnet",
                            "subnet_ids.#": "3",
                            "subnet_ids.1927964540": "subnet-0496a360",
                            "subnet_ids.2647706556": "subnet-416c2037",
                            "subnet_ids.3907260728": "subnet-6875f630",
                            "tags.%": "7",
                            "tags.Name": "prod-lemur-db-subnet",
                            "tags.account_name": "jive-microservices-prod",
                            "tags.jive_service": "lemur",
                            "tags.pipeline_phase": "prod",
                            "tags.region": "us-west-2",
                            "tags.service_component": "lemur",
                            "tags.sla": "prod"
                        },
                        "meta": {},
                        "tainted": false
                    },
                    "deposed": [],
                    "provider": ""
                },
                "aws_ebs_volume.lemur_ebs": {
                    "type": "aws_ebs_volume",
                    "depends_on": [],
                    "primary": {
                        "id": "vol-60e5e9d4",
                        "attributes": {
                            "availability_zone": "us-west-2a",
                            "encrypted": "true",
                            "id": "vol-60e5e9d4",
                            "kms_key_id": "arn:aws:kms:us-west-2:663559125979:key/bf5aeaec-d671-47f8-9311-b43c35ddd37d",
                            "size": "20",
                            "snapshot_id": "",
                            "tags.%": "8",
                            "tags.Account_name": "jive-microservices-prod",
                            "tags.Hostname": "prod-lemur-instance1",
                            "tags.Jive_service": "lemur",
                            "tags.Name": "prod-lemur-instance",
                            "tags.Pipeline_phase": "prod",
                            "tags.Region": "us-west-2",
                            "tags.SLA": "prod",
                            "tags.Service_component": "lemur",
                            "type": "gp2"
                        },
                        "meta": {},
                        "tainted": false
                    },
                    "deposed": [],
                    "provider": ""
                },
                "aws_elb.lemur": {
                    "type": "aws_elb",
                    "depends_on": [
                        "aws_security_group.lemur_instance"
                    ],
                    "primary": {
                        "id": "lemur-elb",
                        "attributes": {
                            "access_logs.#": "0",
                            "availability_zones.#": "1",
                            "availability_zones.2487133097": "us-west-2a",
                            "connection_draining": "false",
                            "connection_draining_timeout": "300",
                            "cross_zone_load_balancing": "true",
                            "dns_name": "internal-lemur-elb-1969052899.us-west-2.elb.amazonaws.com",
                            "health_check.#": "1",
                            "health_check.0.healthy_threshold": "2",
                            "health_check.0.interval": "30",
                            "health_check.0.target": "TCP:443",
                            "health_check.0.timeout": "3",
                            "health_check.0.unhealthy_threshold": "2",
                            "id": "lemur-elb",
                            "idle_timeout": "60",
                            "instances.#": "1",
                            "instances.3623262180": "i-088e87f74dd0181fd",
                            "internal": "true",
                            "listener.#": "2",
                            "listener.2974294026.instance_port": "80",
                            "listener.2974294026.instance_protocol": "tcp",
                            "listener.2974294026.lb_port": "80",
                            "listener.2974294026.lb_protocol": "tcp",
                            "listener.2974294026.ssl_certificate_id": "",
                            "listener.610193557.instance_port": "443",
                            "listener.610193557.instance_protocol": "tcp",
                            "listener.610193557.lb_port": "443",
                            "listener.610193557.lb_protocol": "tcp",
                            "listener.610193557.ssl_certificate_id": "",
                            "name": "lemur-elb",
                            "security_groups.#": "1",
                            "security_groups.1349326335": "sg-ba7d7cc3",
                            "source_security_group": "663559125979/prod-lemur-instance",
                            "source_security_group_id": "sg-ba7d7cc3",
                            "subnets.#": "1",
                            "subnets.3673496457": "subnet-4e6c2038",
                            "tags.%": "7",
                            "tags.Account_name": "jive-microservices-prod",
                            "tags.Jive_service": "lemur",
                            "tags.Name": "prod-lemur-elb",
                            "tags.Pipeline_phase": "prod",
                            "tags.Region": "us-west-2",
                            "tags.SLA": "prod",
                            "tags.Service_component": "lemur",
                            "zone_id": "Z1H1FL5HABSF5"
                        },
                        "meta": {},
                        "tainted": false
                    },
                    "deposed": [],
                    "provider": ""
                },
                "aws_iam_instance_profile.lemur_profile": {
                    "type": "aws_iam_instance_profile",
                    "depends_on": [
                        "aws_iam_role.lemur_role"
                    ],
                    "primary": {
                        "id": "prod-lemur_profile",
                        "attributes": {
                            "arn": "arn:aws:iam::663559125979:instance-profile/prod-lemur_profile",
                            "id": "prod-lemur_profile",
                            "name": "prod-lemur_profile",
                            "path": "/",
                            "role": "Lemur",
                            "roles.#": "1",
                            "roles.4220879028": "Lemur",
                            "unique_id": "AIPAJ47GODYUTKCEYDLSW"
                        },
                        "meta": {},
                        "tainted": false
                    },
                    "deposed": [],
                    "provider": ""
                },
                "aws_iam_role.lemur_role": {
                    "type": "aws_iam_role",
                    "depends_on": [],
                    "primary": {
                        "id": "Lemur",
                        "attributes": {
                            "arn": "arn:aws:iam::663559125979:role/Lemur",
                            "assume_role_policy": "{\"Version\":\"2012-10-17\",\"Statement\":[{\"Sid\":\"\",\"Effect\":\"Allow\",\"Principal\":{\"Service\":\"ec2.amazonaws.com\"},\"Action\":\"sts:AssumeRole\"}]}",
                            "create_date": "2017-01-09T23:01:39Z",
                            "id": "Lemur",
                            "name": "Lemur",
                            "path": "/",
                            "unique_id": "AROAIEAO7RGGB3DKOYWCG"
                        },
                        "meta": {},
                        "tainted": false
                    },
                    "deposed": [],
                    "provider": ""
                },
                "aws_iam_role_policy.lemur_policy": {
                    "type": "aws_iam_role_policy",
                    "depends_on": [
                        "aws_ebs_volume.lemur_ebs",
                        "aws_iam_role.lemur_role",
                        "aws_s3_bucket.certs_lemur",
                        "aws_s3_bucket.lemur_mako_shared_secret"
                    ],
                    "primary": {
                        "id": "Lemur:prod-lemur-policy",
                        "attributes": {
                            "id": "Lemur:prod-lemur-policy",
                            "name": "prod-lemur-policy",
                            "policy": "{\n  \"Version\": \"2012-10-17\",\n  \"Statement\": [\n    {\n      \"Effect\": \"Allow\",\n      \"Action\": [\n        \"rds:DescribeAccountAttributes\",\n        \"rds:DescribeDBClusterParameters\",\n        \"rds:DescribeDBClusters\",\n        \"rds:DescribeDBInstances\"\n      ],\n      \"Resource\": [\"arn:aws:rds:*:*:db:*lemur*\"]\n    },\n    {\n       \"Effect\": \"Allow\",\n       \"Action\": [\"ec2:AttachVolume\"],\n       \"Resource\": [\n          \"arn:aws:ec2:*:*:instance/*\",\n          \"arn:aws:ec2:*:*:volume/vol-60e5e9d4\"\n       ]\n    },\n    {\n       \"Effect\": \"Allow\",\n       \"Action\": [\"ec2:Describe*\"],\n       \"Resource\": \"*\"\n    },\n    {\n      \"Effect\": \"Allow\",\n      \"Action\": [\n        \"S3:PutObject\",\n        \"S3:PutObjectAcl\"\n      ],\n      \"Resource\": [\n        \"arn:aws:s3:::prod-lemur-mako-shared-secret/*\",\n        \"arn:aws:s3:::us-west-2-jive-jcx-prod-master/*\",\n        \"arn:aws:s3:::us-west-2-jive-jcx-prod-node/*\",\n        \"arn:aws:s3:::us-west-2-jive-jcx-prod-etcd/*\",\n        \"arn:aws:s3:::us-west-2-jive-microservices-brewprod-master/*\",\n        \"arn:aws:s3:::us-west-2-jive-microservices-brewprod-node/*\",\n        \"arn:aws:s3:::us-west-2-jive-microservices-brewprod-etcd/*\",\n        \"arn:aws:s3:::us-west-2-jive-microservices-prod-master/*\",\n        \"arn:aws:s3:::us-west-2-jive-microservices-prod-node/*\",\n        \"arn:aws:s3:::us-west-2-jive-microservices-prod-etcd/*\",\n        \"arn:aws:s3:::us-west-2-jive-microservices-prod-jcx-master/*\",\n        \"arn:aws:s3:::us-west-2-jive-microservices-prod-jcx-node/*\",\n        \"arn:aws:s3:::us-west-2-jive-microservices-prod-jcx-etcd/*\",\n        \"arn:aws:s3:::us-east-1-jive-microservices-prod-master/*\",\n        \"arn:aws:s3:::us-east-1-jive-microservices-prod-node/*\",\n        \"arn:aws:s3:::us-east-1-jive-microservices-prod-etcd/*\",\n        \"arn:aws:s3:::us-east-1-jive-microservices-prod-jcx-master/*\",\n        \"arn:aws:s3:::us-east-1-jive-microservices-prod-jcx-node/*\",\n        \"arn:aws:s3:::us-east-1-jive-microservices-prod-jcx-etcd/*\"\n      ]\n    },\n    {\n      \"Effect\": \"Allow\",\n      \"Action\": [\n        \"s3:GetObject\",\n        \"s3:ListBucket\"\n      ],\n      \"Resource\": [\n        \"arn:aws:s3:::prod-lemur-certs/*\",\n        \"arn:aws:s3:::prod-lemur-mako-shared-secret/*\",\n        \"arn:aws:s3:::jive-ansible-coreos-vault-jive-infra-prod-usw2/*\"\n      ]\n    },\n    {\n      \"Effect\": \"Allow\",\n      \"Action\": [\n        \"route53:ChangeResourceRecordSets\",\n        \"route53:GetChange\",\n        \"route53:GetChangeDetails\",\n        \"route53:ListHostedZones\"\n      ],\n      \"Resource\": \"*\"\n    },\n    {\n      \"Effect\": \"Allow\",\n      \"Action\": \"sts:AssumeRole\",\n      \"Resource\": \"arn:aws:iam::*:role/Lemur\"\n    }\n  ]\n}\n",
                            "role": "Lemur"
                        },
                        "meta": {},
                        "tainted": false
                    },
                    "deposed": [],
                    "provider": ""
                },
                "aws_launch_configuration.lemur_node": {
                    "type": "aws_launch_configuration",
                    "depends_on": [
                        "aws_iam_instance_profile.lemur_profile",
                        "aws_security_group.lemur_instance",
                        "data.template_file.cloud_config"
                    ],
                    "primary": {
                        "id": "terraform-20170109230140210481014ca7",
                        "attributes": {
                            "associate_public_ip_address": "false",
                            "ebs_block_device.#": "0",
                            "ebs_optimized": "false",
                            "enable_monitoring": "true",
                            "ephemeral_block_device.#": "0",
                            "iam_instance_profile": "prod-lemur_profile",
                            "id": "terraform-20170109230140210481014ca7",
                            "image_id": "ami-b0c21ad0",
                            "instance_type": "m4.large",
                            "key_name": "microservices-prod-lemur",
                            "name": "terraform-20170109230140210481014ca7",
                            "root_block_device.#": "1",
                            "root_block_device.0.delete_on_termination": "true",
                            "root_block_device.0.iops": "0",
                            "root_block_device.0.volume_size": "40",
                            "root_block_device.0.volume_type": "gp2",
                            "security_groups.#": "1",
                            "security_groups.1349326335": "sg-ba7d7cc3",
                            "spot_price": "",
                            "user_data": "96b67a11a765b5628b16444d9dd3289284f79bd1",
                            "vpc_classic_link_id": "",
                            "vpc_classic_link_security_groups.#": "0"
                        },
                        "meta": {},
                        "tainted": false
                    },
                    "deposed": [],
                    "provider": ""
                },
                "aws_s3_bucket.certs_lemur": {
                    "type": "aws_s3_bucket",
                    "depends_on": [
                        "aws_s3_bucket.lemur_certs_log"
                    ],
                    "primary": {
                        "id": "prod-lemur-certs",
                        "attributes": {
                            "acceleration_status": "",
                            "acl": "private",
                            "arn": "arn:aws:s3:::prod-lemur-certs",
                            "bucket": "prod-lemur-certs",
                            "bucket_domain_name": "prod-lemur-certs.s3.amazonaws.com",
                            "force_destroy": "false",
                            "hosted_zone_id": "Z3BJ6K6RIION7M",
                            "id": "prod-lemur-certs",
                            "logging.#": "1",
                            "logging.2840161336.target_bucket": "prod-lemur-certs-log-access",
                            "logging.2840161336.target_prefix": "log/lemur",
                            "policy": "",
                            "region": "us-west-2",
                            "request_payer": "BucketOwner",
                            "tags.%": "7",
                            "tags.Name": "prod-lemur-certs",
                            "tags.account_name": "jive-microservices-prod",
                            "tags.jive_service": "lemur",
                            "tags.pipeline_phase": "prod",
                            "tags.region": "us-west-2",
                            "tags.service_component": "lemur",
                            "tags.sla": "prod",
                            "versioning.#": "1",
                            "versioning.0.enabled": "false",
                            "versioning.0.mfa_delete": "false",
                            "website.#": "0"
                        },
                        "meta": {},
                        "tainted": false
                    },
                    "deposed": [],
                    "provider": ""
                },
                "aws_s3_bucket.lemur_certs_log": {
                    "type": "aws_s3_bucket",
                    "depends_on": [],
                    "primary": {
                        "id": "prod-lemur-certs-log-access",
                        "attributes": {
                            "acceleration_status": "",
                            "acl": "log-delivery-write",
                            "arn": "arn:aws:s3:::prod-lemur-certs-log-access",
                            "bucket": "prod-lemur-certs-log-access",
                            "bucket_domain_name": "prod-lemur-certs-log-access.s3.amazonaws.com",
                            "force_destroy": "false",
                            "hosted_zone_id": "Z3BJ6K6RIION7M",
                            "id": "prod-lemur-certs-log-access",
                            "logging.#": "0",
                            "policy": "",
                            "region": "us-west-2",
                            "request_payer": "BucketOwner",
                            "tags.%": "7",
                            "tags.Name": "prod-lemur-cert-log-access",
                            "tags.account_name": "jive-microservices-prod",
                            "tags.jive_service": "lemur",
                            "tags.pipeline_phase": "prod",
                            "tags.region": "us-west-2",
                            "tags.service_component": "lemur",
                            "tags.sla": "prod",
                            "versioning.#": "1",
                            "versioning.0.enabled": "false",
                            "versioning.0.mfa_delete": "false",
                            "website.#": "0"
                        },
                        "meta": {},
                        "tainted": false
                    },
                    "deposed": [],
                    "provider": ""
                },
                "aws_s3_bucket.lemur_mako_shared_secret": {
                    "type": "aws_s3_bucket",
                    "depends_on": [],
                    "primary": {
                        "id": "prod-lemur-mako-shared-secret",
                        "attributes": {
                            "acceleration_status": "",
                            "acl": "private",
                            "arn": "arn:aws:s3:::prod-lemur-mako-shared-secret",
                            "bucket": "prod-lemur-mako-shared-secret",
                            "bucket_domain_name": "prod-lemur-mako-shared-secret.s3.amazonaws.com",
                            "force_destroy": "false",
                            "hosted_zone_id": "Z3BJ6K6RIION7M",
                            "id": "prod-lemur-mako-shared-secret",
                            "logging.#": "0",
                            "region": "us-west-2",
                            "request_payer": "BucketOwner",
                            "tags.%": "7",
                            "tags.Name": "prod-lemur-mako-shared-secret",
                            "tags.account_name": "jive-microservices-prod",
                            "tags.jive_service": "lemur",
                            "tags.pipeline_phase": "prod",
                            "tags.region": "us-west-2",
                            "tags.service_component": "lemur",
                            "tags.sla": "prod",
                            "versioning.#": "1",
                            "versioning.0.enabled": "false",
                            "versioning.0.mfa_delete": "false",
                            "website.#": "0"
                        },
                        "meta": {},
                        "tainted": false
                    },
                    "deposed": [],
                    "provider": ""
                },
                "aws_security_group.lemur_db": {
                    "type": "aws_security_group",
                    "depends_on": [
                        "aws_security_group.lemur_instance"
                    ],
                    "primary": {
                        "id": "sg-b27d7ccb",
                        "attributes": {
                            "description": "Access to Lemur DB",
                            "egress.#": "0",
                            "id": "sg-b27d7ccb",
                            "ingress.#": "1",
                            "ingress.895724024.cidr_blocks.#": "0",
                            "ingress.895724024.from_port": "5432",
                            "ingress.895724024.ipv6_cidr_blocks.#": "0",
                            "ingress.895724024.protocol": "tcp",
                            "ingress.895724024.security_groups.#": "1",
                            "ingress.895724024.security_groups.1349326335": "sg-ba7d7cc3",
                            "ingress.895724024.self": "false",
                            "ingress.895724024.to_port": "5432",
                            "name": "prod-lemur-db",
                            "owner_id": "663559125979",
                            "tags.%": "7",
                            "tags.Name": "prod-lemur-db",
                            "tags.account_name": "jive-microservices-prod",
                            "tags.jive_service": "lemur",
                            "tags.pipeline_phase": "prod",
                            "tags.region": "us-west-2",
                            "tags.service_component": "lemur",
                            "tags.sla": "prod",
                            "vpc_id": "vpc-ddd0d3b9"
                        },
                        "meta": {},
                        "tainted": false
                    },
                    "deposed": [],
                    "provider": ""
                },
                "aws_security_group.lemur_instance": {
                    "type": "aws_security_group",
                    "depends_on": [],
                    "primary": {
                        "id": "sg-ba7d7cc3",
                        "attributes": {
                            "description": "Access to Lemur instance",
                            "egress.#": "1",
                            "egress.482069346.cidr_blocks.#": "1",
                            "egress.482069346.cidr_blocks.0": "0.0.0.0/0",
                            "egress.482069346.from_port": "0",
                            "egress.482069346.ipv6_cidr_blocks.#": "0",
                            "egress.482069346.prefix_list_ids.#": "0",
                            "egress.482069346.protocol": "-1",
                            "egress.482069346.security_groups.#": "0",
                            "egress.482069346.self": "false",
                            "egress.482069346.to_port": "0",
                            "id": "sg-ba7d7cc3",
                            "ingress.#": "4",
                            "ingress.179083333.cidr_blocks.#": "1",
                            "ingress.179083333.cidr_blocks.0": "10.0.0.0/8",
                            "ingress.179083333.from_port": "22",
                            "ingress.179083333.ipv6_cidr_blocks.#": "0",
                            "ingress.179083333.protocol": "tcp",
                            "ingress.179083333.security_groups.#": "0",
                            "ingress.179083333.self": "false",
                            "ingress.179083333.to_port": "22",
                            "ingress.2216620219.cidr_blocks.#": "1",
                            "ingress.2216620219.cidr_blocks.0": "10.0.0.0/8",
                            "ingress.2216620219.from_port": "443",
                            "ingress.2216620219.ipv6_cidr_blocks.#": "0",
                            "ingress.2216620219.protocol": "tcp",
                            "ingress.2216620219.security_groups.#": "0",
                            "ingress.2216620219.self": "false",
                            "ingress.2216620219.to_port": "443",
                            "ingress.3873181818.cidr_blocks.#": "1",
                            "ingress.3873181818.cidr_blocks.0": "10.0.0.0/8",
                            "ingress.3873181818.from_port": "80",
                            "ingress.3873181818.ipv6_cidr_blocks.#": "0",
                            "ingress.3873181818.protocol": "tcp",
                            "ingress.3873181818.security_groups.#": "0",
                            "ingress.3873181818.self": "false",
                            "ingress.3873181818.to_port": "80",
                            "ingress.753360330.cidr_blocks.#": "0",
                            "ingress.753360330.from_port": "0",
                            "ingress.753360330.ipv6_cidr_blocks.#": "0",
                            "ingress.753360330.protocol": "-1",
                            "ingress.753360330.security_groups.#": "0",
                            "ingress.753360330.self": "true",
                            "ingress.753360330.to_port": "0",
                            "name": "prod-lemur-instance",
                            "owner_id": "663559125979",
                            "tags.%": "7",
                            "tags.Name": "prod-lemur-instance",
                            "tags.account_name": "jive-microservices-prod",
                            "tags.jive_service": "lemur",
                            "tags.pipeline_phase": "prod",
                            "tags.region": "us-west-2",
                            "tags.service_component": "lemur",
                            "tags.sla": "prod",
                            "vpc_id": "vpc-ddd0d3b9"
                        },
                        "meta": {},
                        "tainted": false
                    },
                    "deposed": [],
                    "provider": ""
                },
                "data.template_file.cloud_config": {
                    "type": "template_file",
                    "depends_on": [],
                    "primary": {
                        "id": "7a4fc0ff00700ad7eba7ffc4c7f590edf092ec943e62e0a694f0a8c46d11282e",
                        "attributes": {
                            "id": "7a4fc0ff00700ad7eba7ffc4c7f590edf092ec943e62e0a694f0a8c46d11282e",
                            "rendered": "#cloud-config\ncoreos:\n  units:\n  - name: bootstrap.service\n    command: start\n    content: |\n      [Unit]\n      Requires=early-docker.service\n      After=early-docker.service\n      Description=Bootstraps the node\n      [Service]\n      Environment=\"DOCKER_HOST=unix:///var/run/early-docker.sock\"\n      Type=oneshot\n      RemainAfterExit=yes\n      ExecStart=/root/bootstrap.sh\n  - name: settimezone.service\n    command: start\n    content: |\n      [Unit]\n      Description=Set the timezone\n      [Service]\n      ExecStart=/usr/bin/timedatectl set-timezone UTC\n      RemainAfterExit=yes\n      Type=oneshot\n  update:\n    reboot-strategy: off\nssh_authorized_keys:\n  - ssh-rsa AAAAB3NzaC1yc2EAAAADAQABAAABAQDdUn7MngzRWLusJ+9S2MSibbJjkxV0fa5D6fUKJnGuYHxgL3vpMi+TLWRUIFv9tmBIxard8nS4/mNu6P0ENm5LmkAYPJngEMbCoQmpk89tbQIrlZrhr5FffP3fJfxzahEtYjEtNuBQuuMwrXN3hvuehVGWEu1lFG6WLYnejL0au2L4CJhCoV2g+b/uqTjsFVHhbGWvuazYL9SJmH2mWqEnbj2tj7goemU88bycisrMIvpKVWhu02KM2FUHgPwtoENi909LTpiD/y+3FzBwa7cpMNjmTmrzPbJTZ7gNNzSpPWHtCejE/B06+7lxSzbeRQP6q1Xb++bcVWODvh6qCb4b\nwrite_files:\n  - path: /root/bootstrap.sh\n    permissions: 0755\n    content: |\n      #!/usr/bin/bash\n      #\n      if [ -f /etc/coreos/update.conf ] ; then\n        rm  /etc/coreos/update.conf\n      fi\n\n      ARTIFACT_BOOTSTRAP_PREFIX=ansible-coreos-bootstrap\n      ARTIFACT_PREFIX=ansible-coreos\n      SERVER=10.160.70.25\n      ARTIFACT_PATH=orphans/ansible-coreos\n\n      ansible_build_artifact=\"${ARTIFACT_PREFIX}-lemur\"\n\n      curl -s -o /var/tmp/${ARTIFACT_PREFIX}.tar.gz  http://${SERVER}/${ARTIFACT_PATH}/${ansible_build_artifact}.tar.gz\n      tar -xzf /var/tmp/${ARTIFACT_PREFIX}.tar.gz -C /srv\n\n      chmod +x /srv/ansible-coreos/inventory_ec2/ec2.py\n      bash -vx /srv/ansible-coreos/bin/run-ansible-container.sh\n\n      exit 0\n  - path: /etc/hosts\n    permissions: 0644\n    content: |\n      10.160.4.127 docker.phx1.jivehosted.com\n      10.160.70.25 pulp-slave\n  - path: /root/.dockercfg\n    permissions: 0600\n    owner: core\n    content: |\n        {\n            \"https://reg.miru.io/v1/\": {\n                \"email\": \"\",\n                \"auth\": \"ZWNzOmJbMyZAV24jUTRzSUgsPy5aZjZBdEhFNmJjVi0hLDc=\"\n            }\n        }\n",
                            "template": "#cloud-config\ncoreos:\n  units:\n  - name: bootstrap.service\n    command: start\n    content: |\n      [Unit]\n      Requires=early-docker.service\n      After=early-docker.service\n      Description=Bootstraps the node\n      [Service]\n      Environment=\"DOCKER_HOST=unix:///var/run/early-docker.sock\"\n      Type=oneshot\n      RemainAfterExit=yes\n      ExecStart=/root/bootstrap.sh\n  - name: settimezone.service\n    command: start\n    content: |\n      [Unit]\n      Description=Set the timezone\n      [Service]\n      ExecStart=/usr/bin/timedatectl set-timezone UTC\n      RemainAfterExit=yes\n      Type=oneshot\n  update:\n    reboot-strategy: off\nssh_authorized_keys:\n  - ssh-rsa AAAAB3NzaC1yc2EAAAADAQABAAABAQDdUn7MngzRWLusJ+9S2MSibbJjkxV0fa5D6fUKJnGuYHxgL3vpMi+TLWRUIFv9tmBIxard8nS4/mNu6P0ENm5LmkAYPJngEMbCoQmpk89tbQIrlZrhr5FffP3fJfxzahEtYjEtNuBQuuMwrXN3hvuehVGWEu1lFG6WLYnejL0au2L4CJhCoV2g+b/uqTjsFVHhbGWvuazYL9SJmH2mWqEnbj2tj7goemU88bycisrMIvpKVWhu02KM2FUHgPwtoENi909LTpiD/y+3FzBwa7cpMNjmTmrzPbJTZ7gNNzSpPWHtCejE/B06+7lxSzbeRQP6q1Xb++bcVWODvh6qCb4b\nwrite_files:\n  - path: /root/bootstrap.sh\n    permissions: 0755\n    content: |\n      #!/usr/bin/bash\n      #\n      if [ -f /etc/coreos/update.conf ] ; then\n        rm  /etc/coreos/update.conf\n      fi\n\n      ARTIFACT_BOOTSTRAP_PREFIX=ansible-coreos-bootstrap\n      ARTIFACT_PREFIX=ansible-coreos\n      SERVER=10.160.70.25\n      ARTIFACT_PATH=orphans/ansible-coreos\n\n      ansible_build_artifact=\"$${ARTIFACT_PREFIX}-lemur\"\n\n      curl -s -o /var/tmp/$${ARTIFACT_PREFIX}.tar.gz  http://$${SERVER}/$${ARTIFACT_PATH}/$${ansible_build_artifact}.tar.gz\n      tar -xzf /var/tmp/$${ARTIFACT_PREFIX}.tar.gz -C /srv\n\n      chmod +x /srv/ansible-coreos/inventory_ec2/ec2.py\n      bash -vx /srv/ansible-coreos/bin/run-ansible-container.sh\n\n      exit 0\n  - path: /etc/hosts\n    permissions: 0644\n    content: |\n      10.160.4.127 docker.phx1.jivehosted.com\n      10.160.70.25 pulp-slave\n  - path: /root/.dockercfg\n    permissions: 0600\n    owner: core\n    content: |\n        {\n            \"https://reg.miru.io/v1/\": {\n                \"email\": \"\",\n                \"auth\": \"ZWNzOmJbMyZAV24jUTRzSUgsPy5aZjZBdEhFNmJjVi0hLDc=\"\n            }\n        }\n"
                        },
                        "meta": {},
                        "tainted": false
                    },
                    "deposed": [],
                    "provider": ""
                }
            },
            "depends_on": []
        }
    ]
}
