{
    "version": 3,
    "terraform_version": "0.9.2",
    "serial": 24,
    "lineage": "103ff362-f292-492e-8498-f2c5b9e6f0e2",
    "modules": [
        {
            "path": [
                "root"
            ],
            "outputs": {},
            "resources": {
                "aws_autoscaling_group.k8s_etcd_asg.0": {
                    "type": "aws_autoscaling_group",
                    "depends_on": [
                        "aws_eip.k8s_etcd_eip.*",
                        "aws_launch_configuration.k8s_etcd",
                        "data.aws_subnet.natdc.*",
                        "null_resource.k8s_cluster"
                    ],
                    "primary": {
                        "id": "prod-jcx-k8s-etcd-asg1",
                        "attributes": {
                            "arn": "arn:aws:autoscaling:us-west-2:663559125979:autoScalingGroup:76f90e54-e684-444b-85f2-e5a682cb273e:autoScalingGroupName/prod-jcx-k8s-etcd-asg1",
                            "availability_zones.#": "1",
                            "availability_zones.2487133097": "us-west-2a",
                            "default_cooldown": "300",
                            "desired_capacity": "1",
                            "force_delete": "false",
                            "health_check_grace_period": "300",
                            "health_check_type": "EC2",
                            "id": "prod-jcx-k8s-etcd-asg1",
                            "launch_configuration": "terraform-005fc45efb71ab51161601588d",
                            "load_balancers.#": "0",
                            "max_size": "1",
                            "metrics_granularity": "1Minute",
                            "min_size": "1",
                            "name": "prod-jcx-k8s-etcd-asg1",
                            "placement_group": "",
                            "protect_from_scale_in": "false",
                            "suspended_processes.#": "0",
                            "tag.#": "10",
                            "tag.1456086584.key": "Etcd_ip",
                            "tag.1456086584.propagate_at_launch": "true",
                            "tag.1456086584.value": "10.122.112.220",
                            "tag.1719634084.key": "Name",
                            "tag.1719634084.propagate_at_launch": "true",
                            "tag.1719634084.value": "prod-jcx-k8s-etcd-instance",
                            "tag.1816093544.key": "SLA",
                            "tag.1816093544.propagate_at_launch": "true",
                            "tag.1816093544.value": "prod",
                            "tag.2306832883.key": "Pipeline_phase",
                            "tag.2306832883.propagate_at_launch": "true",
                            "tag.2306832883.value": "prod-jcx",
                            "tag.2661214303.key": "K8s_cluster",
                            "tag.2661214303.propagate_at_launch": "true",
                            "tag.2661214303.value": "us-west-2_jive-microservices-prod-jcx",
                            "tag.3187119633.key": "Service_component",
                            "tag.3187119633.propagate_at_launch": "true",
                            "tag.3187119633.value": "etcd",
                            "tag.3583796186.key": "KubernetesCluster",
                            "tag.3583796186.propagate_at_launch": "true",
                            "tag.3583796186.value": "us-west-2_jive-microservices-prod-jcx",
                            "tag.4183281392.key": "Hostname",
                            "tag.4183281392.propagate_at_launch": "true",
                            "tag.4183281392.value": "us-west-2_jive-microservices-prod-jcx-etcd1",
                            "tag.4279558224.key": "Region",
                            "tag.4279558224.propagate_at_launch": "true",
                            "tag.4279558224.value": "us-west-2",
                            "tag.802361131.key": "Jive_service",
                            "tag.802361131.propagate_at_launch": "true",
                            "tag.802361131.value": "us-west-2_jive-microservices-prod-jcx",
                            "target_group_arns.#": "0",
                            "termination_policies.#": "0",
                            "vpc_zone_identifier.#": "1",
                            "vpc_zone_identifier.3945398737": "subnet-eaf4a79c",
                            "wait_for_capacity_timeout": "10m"
                        },
                        "meta": {},
                        "tainted": false
                    },
                    "deposed": [],
                    "provider": ""
                },
                "aws_autoscaling_group.k8s_etcd_asg.1": {
                    "type": "aws_autoscaling_group",
                    "depends_on": [
                        "aws_eip.k8s_etcd_eip.*",
                        "aws_launch_configuration.k8s_etcd",
                        "data.aws_subnet.natdc.*",
                        "null_resource.k8s_cluster"
                    ],
                    "primary": {
                        "id": "prod-jcx-k8s-etcd-asg2",
                        "attributes": {
                            "arn": "arn:aws:autoscaling:us-west-2:663559125979:autoScalingGroup:131a88d5-bd48-40ca-9eb1-d668dd78c728:autoScalingGroupName/prod-jcx-k8s-etcd-asg2",
                            "availability_zones.#": "1",
                            "availability_zones.221770259": "us-west-2b",
                            "default_cooldown": "300",
                            "desired_capacity": "1",
                            "force_delete": "false",
                            "health_check_grace_period": "300",
                            "health_check_type": "EC2",
                            "id": "prod-jcx-k8s-etcd-asg2",
                            "launch_configuration": "terraform-005fc45efb71ab51161601588d",
                            "load_balancers.#": "0",
                            "max_size": "1",
                            "metrics_granularity": "1Minute",
                            "min_size": "1",
                            "name": "prod-jcx-k8s-etcd-asg2",
                            "placement_group": "",
                            "protect_from_scale_in": "false",
                            "suspended_processes.#": "0",
                            "tag.#": "10",
                            "tag.1281795513.key": "Etcd_ip",
                            "tag.1281795513.propagate_at_launch": "true",
                            "tag.1281795513.value": "10.122.119.120",
                            "tag.1719634084.key": "Name",
                            "tag.1719634084.propagate_at_launch": "true",
                            "tag.1719634084.value": "prod-jcx-k8s-etcd-instance",
                            "tag.1816093544.key": "SLA",
                            "tag.1816093544.propagate_at_launch": "true",
                            "tag.1816093544.value": "prod",
                            "tag.2306832883.key": "Pipeline_phase",
                            "tag.2306832883.propagate_at_launch": "true",
                            "tag.2306832883.value": "prod-jcx",
                            "tag.2661214303.key": "K8s_cluster",
                            "tag.2661214303.propagate_at_launch": "true",
                            "tag.2661214303.value": "us-west-2_jive-microservices-prod-jcx",
                            "tag.3187119633.key": "Service_component",
                            "tag.3187119633.propagate_at_launch": "true",
                            "tag.3187119633.value": "etcd",
                            "tag.3368014957.key": "Hostname",
                            "tag.3368014957.propagate_at_launch": "true",
                            "tag.3368014957.value": "us-west-2_jive-microservices-prod-jcx-etcd2",
                            "tag.3583796186.key": "KubernetesCluster",
                            "tag.3583796186.propagate_at_launch": "true",
                            "tag.3583796186.value": "us-west-2_jive-microservices-prod-jcx",
                            "tag.4279558224.key": "Region",
                            "tag.4279558224.propagate_at_launch": "true",
                            "tag.4279558224.value": "us-west-2",
                            "tag.802361131.key": "Jive_service",
                            "tag.802361131.propagate_at_launch": "true",
                            "tag.802361131.value": "us-west-2_jive-microservices-prod-jcx",
                            "target_group_arns.#": "0",
                            "termination_policies.#": "0",
                            "vpc_zone_identifier.#": "1",
                            "vpc_zone_identifier.1268489646": "subnet-62ab9306",
                            "wait_for_capacity_timeout": "10m"
                        },
                        "meta": {},
                        "tainted": false
                    },
                    "deposed": [],
                    "provider": ""
                },
                "aws_autoscaling_group.k8s_etcd_asg.2": {
                    "type": "aws_autoscaling_group",
                    "depends_on": [
                        "aws_eip.k8s_etcd_eip.*",
                        "aws_launch_configuration.k8s_etcd",
                        "data.aws_subnet.natdc.*",
                        "null_resource.k8s_cluster"
                    ],
                    "primary": {
                        "id": "prod-jcx-k8s-etcd-asg3",
                        "attributes": {
                            "arn": "arn:aws:autoscaling:us-west-2:663559125979:autoScalingGroup:9cc85f1b-2e5a-4593-83e5-9fcfa5b39b6d:autoScalingGroupName/prod-jcx-k8s-etcd-asg3",
                            "availability_zones.#": "1",
                            "availability_zones.2050015877": "us-west-2c",
                            "default_cooldown": "300",
                            "desired_capacity": "1",
                            "force_delete": "false",
                            "health_check_grace_period": "300",
                            "health_check_type": "EC2",
                            "id": "prod-jcx-k8s-etcd-asg3",
                            "launch_configuration": "terraform-005fc45efb71ab51161601588d",
                            "load_balancers.#": "0",
                            "max_size": "1",
                            "metrics_granularity": "1Minute",
                            "min_size": "1",
                            "name": "prod-jcx-k8s-etcd-asg3",
                            "placement_group": "",
                            "protect_from_scale_in": "false",
                            "suspended_processes.#": "0",
                            "tag.#": "10",
                            "tag.1719634084.key": "Name",
                            "tag.1719634084.propagate_at_launch": "true",
                            "tag.1719634084.value": "prod-jcx-k8s-etcd-instance",
                            "tag.1816093544.key": "SLA",
                            "tag.1816093544.propagate_at_launch": "true",
                            "tag.1816093544.value": "prod",
                            "tag.1858658265.key": "Hostname",
                            "tag.1858658265.propagate_at_launch": "true",
                            "tag.1858658265.value": "us-west-2_jive-microservices-prod-jcx-etcd3",
                            "tag.2306832883.key": "Pipeline_phase",
                            "tag.2306832883.propagate_at_launch": "true",
                            "tag.2306832883.value": "prod-jcx",
                            "tag.2661214303.key": "K8s_cluster",
                            "tag.2661214303.propagate_at_launch": "true",
                            "tag.2661214303.value": "us-west-2_jive-microservices-prod-jcx",
                            "tag.3187119633.key": "Service_component",
                            "tag.3187119633.propagate_at_launch": "true",
                            "tag.3187119633.value": "etcd",
                            "tag.3583796186.key": "KubernetesCluster",
                            "tag.3583796186.propagate_at_launch": "true",
                            "tag.3583796186.value": "us-west-2_jive-microservices-prod-jcx",
                            "tag.3841192518.key": "Etcd_ip",
                            "tag.3841192518.propagate_at_launch": "true",
                            "tag.3841192518.value": "10.122.122.227",
                            "tag.4279558224.key": "Region",
                            "tag.4279558224.propagate_at_launch": "true",
                            "tag.4279558224.value": "us-west-2",
                            "tag.802361131.key": "Jive_service",
                            "tag.802361131.propagate_at_launch": "true",
                            "tag.802361131.value": "us-west-2_jive-microservices-prod-jcx",
                            "target_group_arns.#": "0",
                            "termination_policies.#": "0",
                            "vpc_zone_identifier.#": "1",
                            "vpc_zone_identifier.180029981": "subnet-407ce818",
                            "wait_for_capacity_timeout": "10m"
                        },
                        "meta": {},
                        "tainted": false
                    },
                    "deposed": [],
                    "provider": ""
                },
                "aws_autoscaling_group.k8s_etcd_asg.3": {
                    "type": "aws_autoscaling_group",
                    "depends_on": [
                        "aws_eip.k8s_etcd_eip.*",
                        "aws_launch_configuration.k8s_etcd",
                        "data.aws_subnet.natdc.*",
                        "null_resource.k8s_cluster"
                    ],
                    "primary": {
                        "id": "prod-jcx-k8s-etcd-asg4",
                        "attributes": {
                            "arn": "arn:aws:autoscaling:us-west-2:663559125979:autoScalingGroup:d12cd0da-3852-4dbf-9d08-9f1cea569660:autoScalingGroupName/prod-jcx-k8s-etcd-asg4",
                            "availability_zones.#": "1",
                            "availability_zones.2487133097": "us-west-2a",
                            "default_cooldown": "300",
                            "desired_capacity": "1",
                            "force_delete": "false",
                            "health_check_grace_period": "300",
                            "health_check_type": "EC2",
                            "id": "prod-jcx-k8s-etcd-asg4",
                            "launch_configuration": "terraform-005fc45efb71ab51161601588d",
                            "load_balancers.#": "0",
                            "max_size": "1",
                            "metrics_granularity": "1Minute",
                            "min_size": "1",
                            "name": "prod-jcx-k8s-etcd-asg4",
                            "placement_group": "",
                            "protect_from_scale_in": "false",
                            "suspended_processes.#": "0",
                            "tag.#": "10",
                            "tag.1719634084.key": "Name",
                            "tag.1719634084.propagate_at_launch": "true",
                            "tag.1719634084.value": "prod-jcx-k8s-etcd-instance",
                            "tag.1816093544.key": "SLA",
                            "tag.1816093544.propagate_at_launch": "true",
                            "tag.1816093544.value": "prod",
                            "tag.2306832883.key": "Pipeline_phase",
                            "tag.2306832883.propagate_at_launch": "true",
                            "tag.2306832883.value": "prod-jcx",
                            "tag.2661214303.key": "K8s_cluster",
                            "tag.2661214303.propagate_at_launch": "true",
                            "tag.2661214303.value": "us-west-2_jive-microservices-prod-jcx",
                            "tag.2876236119.key": "Hostname",
                            "tag.2876236119.propagate_at_launch": "true",
                            "tag.2876236119.value": "us-west-2_jive-microservices-prod-jcx-etcd4",
                            "tag.3187119633.key": "Service_component",
                            "tag.3187119633.propagate_at_launch": "true",
                            "tag.3187119633.value": "etcd",
                            "tag.3583796186.key": "KubernetesCluster",
                            "tag.3583796186.propagate_at_launch": "true",
                            "tag.3583796186.value": "us-west-2_jive-microservices-prod-jcx",
                            "tag.3899529874.key": "Etcd_ip",
                            "tag.3899529874.propagate_at_launch": "true",
                            "tag.3899529874.value": "10.122.115.222",
                            "tag.4279558224.key": "Region",
                            "tag.4279558224.propagate_at_launch": "true",
                            "tag.4279558224.value": "us-west-2",
                            "tag.802361131.key": "Jive_service",
                            "tag.802361131.propagate_at_launch": "true",
                            "tag.802361131.value": "us-west-2_jive-microservices-prod-jcx",
                            "target_group_arns.#": "0",
                            "termination_policies.#": "0",
                            "vpc_zone_identifier.#": "1",
                            "vpc_zone_identifier.3945398737": "subnet-eaf4a79c",
                            "wait_for_capacity_timeout": "10m"
                        },
                        "meta": {},
                        "tainted": false
                    },
                    "deposed": [],
                    "provider": ""
                },
                "aws_autoscaling_group.k8s_etcd_asg.4": {
                    "type": "aws_autoscaling_group",
                    "depends_on": [
                        "aws_eip.k8s_etcd_eip.*",
                        "aws_launch_configuration.k8s_etcd",
                        "data.aws_subnet.natdc.*",
                        "null_resource.k8s_cluster"
                    ],
                    "primary": {
                        "id": "prod-jcx-k8s-etcd-asg5",
                        "attributes": {
                            "arn": "arn:aws:autoscaling:us-west-2:663559125979:autoScalingGroup:e448e23e-b29c-4596-b489-459ffbae0420:autoScalingGroupName/prod-jcx-k8s-etcd-asg5",
                            "availability_zones.#": "1",
                            "availability_zones.221770259": "us-west-2b",
                            "default_cooldown": "300",
                            "desired_capacity": "1",
                            "force_delete": "false",
                            "health_check_grace_period": "300",
                            "health_check_type": "EC2",
                            "id": "prod-jcx-k8s-etcd-asg5",
                            "launch_configuration": "terraform-005fc45efb71ab51161601588d",
                            "load_balancers.#": "0",
                            "max_size": "1",
                            "metrics_granularity": "1Minute",
                            "min_size": "1",
                            "name": "prod-jcx-k8s-etcd-asg5",
                            "placement_group": "",
                            "protect_from_scale_in": "false",
                            "suspended_processes.#": "0",
                            "tag.#": "10",
                            "tag.1719634084.key": "Name",
                            "tag.1719634084.propagate_at_launch": "true",
                            "tag.1719634084.value": "prod-jcx-k8s-etcd-instance",
                            "tag.1816093544.key": "SLA",
                            "tag.1816093544.propagate_at_launch": "true",
                            "tag.1816093544.value": "prod",
                            "tag.2026849826.key": "Etcd_ip",
                            "tag.2026849826.propagate_at_launch": "true",
                            "tag.2026849826.value": "10.122.118.230",
                            "tag.219736803.key": "Hostname",
                            "tag.219736803.propagate_at_launch": "true",
                            "tag.219736803.value": "us-west-2_jive-microservices-prod-jcx-etcd5",
                            "tag.2306832883.key": "Pipeline_phase",
                            "tag.2306832883.propagate_at_launch": "true",
                            "tag.2306832883.value": "prod-jcx",
                            "tag.2661214303.key": "K8s_cluster",
                            "tag.2661214303.propagate_at_launch": "true",
                            "tag.2661214303.value": "us-west-2_jive-microservices-prod-jcx",
                            "tag.3187119633.key": "Service_component",
                            "tag.3187119633.propagate_at_launch": "true",
                            "tag.3187119633.value": "etcd",
                            "tag.3583796186.key": "KubernetesCluster",
                            "tag.3583796186.propagate_at_launch": "true",
                            "tag.3583796186.value": "us-west-2_jive-microservices-prod-jcx",
                            "tag.4279558224.key": "Region",
                            "tag.4279558224.propagate_at_launch": "true",
                            "tag.4279558224.value": "us-west-2",
                            "tag.802361131.key": "Jive_service",
                            "tag.802361131.propagate_at_launch": "true",
                            "tag.802361131.value": "us-west-2_jive-microservices-prod-jcx",
                            "target_group_arns.#": "0",
                            "termination_policies.#": "0",
                            "vpc_zone_identifier.#": "1",
                            "vpc_zone_identifier.1268489646": "subnet-62ab9306",
                            "wait_for_capacity_timeout": "10m"
                        },
                        "meta": {},
                        "tainted": false
                    },
                    "deposed": [],
                    "provider": ""
                },
                "aws_autoscaling_group.k8s_etcd_asg.5": {
                    "type": "aws_autoscaling_group",
                    "depends_on": [
                        "aws_eip.k8s_etcd_eip.*",
                        "aws_launch_configuration.k8s_etcd",
                        "data.aws_subnet.natdc.*",
                        "null_resource.k8s_cluster"
                    ],
                    "primary": {
                        "id": "prod-jcx-k8s-etcd-asg6",
                        "attributes": {
                            "arn": "arn:aws:autoscaling:us-west-2:663559125979:autoScalingGroup:d8e808b4-dab7-4a08-90e1-c74297f7263c:autoScalingGroupName/prod-jcx-k8s-etcd-asg6",
                            "availability_zones.#": "1",
                            "availability_zones.2050015877": "us-west-2c",
                            "default_cooldown": "300",
                            "desired_capacity": "1",
                            "force_delete": "false",
                            "health_check_grace_period": "300",
                            "health_check_type": "EC2",
                            "id": "prod-jcx-k8s-etcd-asg6",
                            "launch_configuration": "terraform-005fc45efb71ab51161601588d",
                            "load_balancers.#": "0",
                            "max_size": "1",
                            "metrics_granularity": "1Minute",
                            "min_size": "1",
                            "name": "prod-jcx-k8s-etcd-asg6",
                            "placement_group": "",
                            "protect_from_scale_in": "false",
                            "suspended_processes.#": "0",
                            "tag.#": "10",
                            "tag.1022423166.key": "Hostname",
                            "tag.1022423166.propagate_at_launch": "true",
                            "tag.1022423166.value": "us-west-2_jive-microservices-prod-jcx-etcd6",
                            "tag.1719634084.key": "Name",
                            "tag.1719634084.propagate_at_launch": "true",
                            "tag.1719634084.value": "prod-jcx-k8s-etcd-instance",
                            "tag.1816093544.key": "SLA",
                            "tag.1816093544.propagate_at_launch": "true",
                            "tag.1816093544.value": "prod",
                            "tag.2306832883.key": "Pipeline_phase",
                            "tag.2306832883.propagate_at_launch": "true",
                            "tag.2306832883.value": "prod-jcx",
                            "tag.2661214303.key": "K8s_cluster",
                            "tag.2661214303.propagate_at_launch": "true",
                            "tag.2661214303.value": "us-west-2_jive-microservices-prod-jcx",
                            "tag.3187119633.key": "Service_component",
                            "tag.3187119633.propagate_at_launch": "true",
                            "tag.3187119633.value": "etcd",
                            "tag.3583796186.key": "KubernetesCluster",
                            "tag.3583796186.propagate_at_launch": "true",
                            "tag.3583796186.value": "us-west-2_jive-microservices-prod-jcx",
                            "tag.4279558224.key": "Region",
                            "tag.4279558224.propagate_at_launch": "true",
                            "tag.4279558224.value": "us-west-2",
                            "tag.752979177.key": "Etcd_ip",
                            "tag.752979177.propagate_at_launch": "true",
                            "tag.752979177.value": "10.122.121.245",
                            "tag.802361131.key": "Jive_service",
                            "tag.802361131.propagate_at_launch": "true",
                            "tag.802361131.value": "us-west-2_jive-microservices-prod-jcx",
                            "target_group_arns.#": "0",
                            "termination_policies.#": "0",
                            "vpc_zone_identifier.#": "1",
                            "vpc_zone_identifier.180029981": "subnet-407ce818",
                            "wait_for_capacity_timeout": "10m"
                        },
                        "meta": {},
                        "tainted": false
                    },
                    "deposed": [],
                    "provider": ""
                },
                "aws_autoscaling_group.k8s_master": {
                    "type": "aws_autoscaling_group",
                    "depends_on": [
                        "aws_elb.k8s_master",
                        "aws_launch_configuration.k8s_master",
                        "null_resource.k8s_cluster"
                    ],
                    "primary": {
                        "id": "prod-jcx-k8s-master-asg1",
                        "attributes": {
                            "arn": "arn:aws:autoscaling:us-west-2:663559125979:autoScalingGroup:0eb5df3a-0261-4c55-be9e-08c74fca0d45:autoScalingGroupName/prod-jcx-k8s-master-asg1",
                            "availability_zones.#": "1",
                            "availability_zones.2487133097": "us-west-2a",
                            "default_cooldown": "300",
                            "desired_capacity": "1",
                            "force_delete": "false",
                            "health_check_grace_period": "300",
                            "health_check_type": "EC2",
                            "id": "prod-jcx-k8s-master-asg1",
                            "launch_configuration": "terraform-005fc45efb71ab51161601588f",
                            "load_balancers.#": "1",
                            "load_balancers.2606754323": "prod-jcx-k8s-master-elb",
                            "max_size": "1",
                            "metrics_granularity": "1Minute",
                            "min_size": "1",
                            "name": "prod-jcx-k8s-master-asg1",
                            "placement_group": "",
                            "protect_from_scale_in": "false",
                            "suspended_processes.#": "0",
                            "tag.#": "9",
                            "tag.1816093544.key": "SLA",
                            "tag.1816093544.propagate_at_launch": "true",
                            "tag.1816093544.value": "prod",
                            "tag.2306832883.key": "Pipeline_phase",
                            "tag.2306832883.propagate_at_launch": "true",
                            "tag.2306832883.value": "prod-jcx",
                            "tag.2661214303.key": "K8s_cluster",
                            "tag.2661214303.propagate_at_launch": "true",
                            "tag.2661214303.value": "us-west-2_jive-microservices-prod-jcx",
                            "tag.3096952101.key": "Name",
                            "tag.3096952101.propagate_at_launch": "true",
                            "tag.3096952101.value": "prod-jcx-k8s-master-instance",
                            "tag.3116370667.key": "Service_component",
                            "tag.3116370667.propagate_at_launch": "true",
                            "tag.3116370667.value": "k8s-master",
                            "tag.3583796186.key": "KubernetesCluster",
                            "tag.3583796186.propagate_at_launch": "true",
                            "tag.3583796186.value": "us-west-2_jive-microservices-prod-jcx",
                            "tag.3915252453.key": "Hostname",
                            "tag.3915252453.propagate_at_launch": "true",
                            "tag.3915252453.value": "us-west-2_jive-microservices-prod-jcx-master1",
                            "tag.4279558224.key": "Region",
                            "tag.4279558224.propagate_at_launch": "true",
                            "tag.4279558224.value": "us-west-2",
                            "tag.802361131.key": "Jive_service",
                            "tag.802361131.propagate_at_launch": "true",
                            "tag.802361131.value": "us-west-2_jive-microservices-prod-jcx",
                            "target_group_arns.#": "0",
                            "termination_policies.#": "0",
                            "vpc_zone_identifier.#": "1",
                            "vpc_zone_identifier.3945398737": "subnet-eaf4a79c",
                            "wait_for_capacity_timeout": "10m"
                        },
                        "meta": {},
                        "tainted": false
                    },
                    "deposed": [],
                    "provider": ""
                },
                "aws_autoscaling_group.k8s_worker_asg.0": {
                    "type": "aws_autoscaling_group",
                    "depends_on": [
                        "aws_launch_configuration.k8s_worker",
                        "null_resource.k8s_cluster"
                    ],
                    "primary": {
                        "id": "prod-jcx-k8s-worker-asg1",
                        "attributes": {
                            "arn": "arn:aws:autoscaling:us-west-2:663559125979:autoScalingGroup:4ee20096-6396-42be-9c60-8a5b6d3e1155:autoScalingGroupName/prod-jcx-k8s-worker-asg1",
                            "availability_zones.#": "1",
                            "availability_zones.2487133097": "us-west-2a",
                            "default_cooldown": "300",
                            "desired_capacity": "4",
                            "force_delete": "false",
                            "health_check_grace_period": "300",
                            "health_check_type": "EC2",
                            "id": "prod-jcx-k8s-worker-asg1",
                            "launch_configuration": "terraform-00647b083dea69e3243c88cfcf",
                            "load_balancers.#": "0",
                            "max_size": "18",
                            "metrics_granularity": "1Minute",
                            "min_size": "3",
                            "name": "prod-jcx-k8s-worker-asg1",
                            "placement_group": "",
                            "protect_from_scale_in": "false",
                            "suspended_processes.#": "0",
                            "tag.#": "9",
                            "tag.1816093544.key": "SLA",
                            "tag.1816093544.propagate_at_launch": "true",
                            "tag.1816093544.value": "prod",
                            "tag.2157698622.key": "Hostname",
                            "tag.2157698622.propagate_at_launch": "true",
                            "tag.2157698622.value": "k8s-node1",
                            "tag.228639812.key": "Service_component",
                            "tag.228639812.propagate_at_launch": "true",
                            "tag.228639812.value": "k8s-node",
                            "tag.2306832883.key": "Pipeline_phase",
                            "tag.2306832883.propagate_at_launch": "true",
                            "tag.2306832883.value": "prod-jcx",
                            "tag.2661214303.key": "K8s_cluster",
                            "tag.2661214303.propagate_at_launch": "true",
                            "tag.2661214303.value": "us-west-2_jive-microservices-prod-jcx",
                            "tag.3583796186.key": "KubernetesCluster",
                            "tag.3583796186.propagate_at_launch": "true",
                            "tag.3583796186.value": "us-west-2_jive-microservices-prod-jcx",
                            "tag.4279558224.key": "Region",
                            "tag.4279558224.propagate_at_launch": "true",
                            "tag.4279558224.value": "us-west-2",
                            "tag.612603021.key": "Name",
                            "tag.612603021.propagate_at_launch": "true",
                            "tag.612603021.value": "prod-jcx-k8s-worker-instance",
                            "tag.802361131.key": "Jive_service",
                            "tag.802361131.propagate_at_launch": "true",
                            "tag.802361131.value": "us-west-2_jive-microservices-prod-jcx",
                            "target_group_arns.#": "0",
                            "termination_policies.#": "0",
                            "vpc_zone_identifier.#": "1",
                            "vpc_zone_identifier.3945398737": "subnet-eaf4a79c",
                            "wait_for_capacity_timeout": "10m"
                        },
                        "meta": {},
                        "tainted": false
                    },
                    "deposed": [],
                    "provider": ""
                },
                "aws_autoscaling_group.k8s_worker_asg.1": {
                    "type": "aws_autoscaling_group",
                    "depends_on": [
                        "aws_launch_configuration.k8s_worker",
                        "null_resource.k8s_cluster"
                    ],
                    "primary": {
                        "id": "prod-jcx-k8s-worker-asg2",
                        "attributes": {
                            "arn": "arn:aws:autoscaling:us-west-2:663559125979:autoScalingGroup:48c2feea-9c80-470f-9e4f-29afd3fe9a03:autoScalingGroupName/prod-jcx-k8s-worker-asg2",
                            "availability_zones.#": "1",
                            "availability_zones.221770259": "us-west-2b",
                            "default_cooldown": "300",
                            "desired_capacity": "8",
                            "force_delete": "false",
                            "health_check_grace_period": "300",
                            "health_check_type": "EC2",
                            "id": "prod-jcx-k8s-worker-asg2",
                            "launch_configuration": "terraform-00647b083dea69e3243c88cfcf",
                            "load_balancers.#": "0",
                            "max_size": "18",
                            "metrics_granularity": "1Minute",
                            "min_size": "3",
                            "name": "prod-jcx-k8s-worker-asg2",
                            "placement_group": "",
                            "protect_from_scale_in": "false",
                            "suspended_processes.#": "0",
                            "tag.#": "9",
                            "tag.1816093544.key": "SLA",
                            "tag.1816093544.propagate_at_launch": "true",
                            "tag.1816093544.value": "prod",
                            "tag.228639812.key": "Service_component",
                            "tag.228639812.propagate_at_launch": "true",
                            "tag.228639812.value": "k8s-node",
                            "tag.2306832883.key": "Pipeline_phase",
                            "tag.2306832883.propagate_at_launch": "true",
                            "tag.2306832883.value": "prod-jcx",
                            "tag.2661214303.key": "K8s_cluster",
                            "tag.2661214303.propagate_at_launch": "true",
                            "tag.2661214303.value": "us-west-2_jive-microservices-prod-jcx",
                            "tag.2977154211.key": "Hostname",
                            "tag.2977154211.propagate_at_launch": "true",
                            "tag.2977154211.value": "k8s-node2",
                            "tag.3583796186.key": "KubernetesCluster",
                            "tag.3583796186.propagate_at_launch": "true",
                            "tag.3583796186.value": "us-west-2_jive-microservices-prod-jcx",
                            "tag.4279558224.key": "Region",
                            "tag.4279558224.propagate_at_launch": "true",
                            "tag.4279558224.value": "us-west-2",
                            "tag.612603021.key": "Name",
                            "tag.612603021.propagate_at_launch": "true",
                            "tag.612603021.value": "prod-jcx-k8s-worker-instance",
                            "tag.802361131.key": "Jive_service",
                            "tag.802361131.propagate_at_launch": "true",
                            "tag.802361131.value": "us-west-2_jive-microservices-prod-jcx",
                            "target_group_arns.#": "0",
                            "termination_policies.#": "0",
                            "vpc_zone_identifier.#": "1",
                            "vpc_zone_identifier.1268489646": "subnet-62ab9306",
                            "wait_for_capacity_timeout": "10m"
                        },
                        "meta": {},
                        "tainted": false
                    },
                    "deposed": [],
                    "provider": ""
                },
                "aws_autoscaling_group.k8s_worker_asg.2": {
                    "type": "aws_autoscaling_group",
                    "depends_on": [
                        "aws_launch_configuration.k8s_worker",
                        "null_resource.k8s_cluster"
                    ],
                    "primary": {
                        "id": "prod-jcx-k8s-worker-asg3",
                        "attributes": {
                            "arn": "arn:aws:autoscaling:us-west-2:663559125979:autoScalingGroup:eb6a8093-164f-478b-85c3-062d07353b46:autoScalingGroupName/prod-jcx-k8s-worker-asg3",
                            "availability_zones.#": "1",
                            "availability_zones.2050015877": "us-west-2c",
                            "default_cooldown": "300",
                            "desired_capacity": "8",
                            "force_delete": "false",
                            "health_check_grace_period": "300",
                            "health_check_type": "EC2",
                            "id": "prod-jcx-k8s-worker-asg3",
                            "launch_configuration": "terraform-00647b083dea69e3243c88cfcf",
                            "load_balancers.#": "0",
                            "max_size": "18",
                            "metrics_granularity": "1Minute",
                            "min_size": "3",
                            "name": "prod-jcx-k8s-worker-asg3",
                            "placement_group": "",
                            "protect_from_scale_in": "false",
                            "suspended_processes.#": "0",
                            "tag.#": "9",
                            "tag.1816093544.key": "SLA",
                            "tag.1816093544.propagate_at_launch": "true",
                            "tag.1816093544.value": "prod",
                            "tag.228639812.key": "Service_component",
                            "tag.228639812.propagate_at_launch": "true",
                            "tag.228639812.value": "k8s-node",
                            "tag.2306832883.key": "Pipeline_phase",
                            "tag.2306832883.propagate_at_launch": "true",
                            "tag.2306832883.value": "prod-jcx",
                            "tag.2661214303.key": "K8s_cluster",
                            "tag.2661214303.propagate_at_launch": "true",
                            "tag.2661214303.value": "us-west-2_jive-microservices-prod-jcx",
                            "tag.3583796186.key": "KubernetesCluster",
                            "tag.3583796186.propagate_at_launch": "true",
                            "tag.3583796186.value": "us-west-2_jive-microservices-prod-jcx",
                            "tag.386191127.key": "Hostname",
                            "tag.386191127.propagate_at_launch": "true",
                            "tag.386191127.value": "k8s-node3",
                            "tag.4279558224.key": "Region",
                            "tag.4279558224.propagate_at_launch": "true",
                            "tag.4279558224.value": "us-west-2",
                            "tag.612603021.key": "Name",
                            "tag.612603021.propagate_at_launch": "true",
                            "tag.612603021.value": "prod-jcx-k8s-worker-instance",
                            "tag.802361131.key": "Jive_service",
                            "tag.802361131.propagate_at_launch": "true",
                            "tag.802361131.value": "us-west-2_jive-microservices-prod-jcx",
                            "target_group_arns.#": "0",
                            "termination_policies.#": "0",
                            "vpc_zone_identifier.#": "1",
                            "vpc_zone_identifier.180029981": "subnet-407ce818",
                            "wait_for_capacity_timeout": "10m"
                        },
                        "meta": {},
                        "tainted": false
                    },
                    "deposed": [],
                    "provider": ""
                },
                "aws_ebs_volume.k8s_etcd_ebs.0": {
                    "type": "aws_ebs_volume",
                    "depends_on": [
                        "data.aws_availability_zones.available",
                        "null_resource.k8s_cluster"
                    ],
                    "primary": {
                        "id": "vol-c1c17275",
                        "attributes": {
                            "availability_zone": "us-west-2a",
                            "encrypted": "true",
                            "id": "vol-c1c17275",
                            "kms_key_id": "arn:aws:kms:us-west-2:663559125979:key/bf5aeaec-d671-47f8-9311-b43c35ddd37d",
                            "size": "20",
                            "snapshot_id": "",
                            "tags.%": "7",
                            "tags.Hostname": "us-west-2_jive-microservices-prod-jcx-etcd1",
                            "tags.Jive_service": "us-west-2_jive-microservices-prod-jcx",
                            "tags.Name": "prod-jcx-k8s_etcd-instance",
                            "tags.Pipeline_phase": "prod-jcx",
                            "tags.Region": "us-west-2",
                            "tags.SLA": "prod",
                            "tags.Service_component": "etcd",
                            "type": "gp2"
                        },
                        "meta": {},
                        "tainted": false
                    },
                    "deposed": [],
                    "provider": ""
                },
                "aws_ebs_volume.k8s_etcd_ebs.1": {
                    "type": "aws_ebs_volume",
                    "depends_on": [
                        "data.aws_availability_zones.available",
                        "null_resource.k8s_cluster"
                    ],
                    "primary": {
                        "id": "vol-0f74c087",
                        "attributes": {
                            "availability_zone": "us-west-2b",
                            "encrypted": "true",
                            "id": "vol-0f74c087",
                            "kms_key_id": "arn:aws:kms:us-west-2:663559125979:key/bf5aeaec-d671-47f8-9311-b43c35ddd37d",
                            "size": "20",
                            "snapshot_id": "",
                            "tags.%": "7",
                            "tags.Hostname": "us-west-2_jive-microservices-prod-jcx-etcd2",
                            "tags.Jive_service": "us-west-2_jive-microservices-prod-jcx",
                            "tags.Name": "prod-jcx-k8s_etcd-instance",
                            "tags.Pipeline_phase": "prod-jcx",
                            "tags.Region": "us-west-2",
                            "tags.SLA": "prod",
                            "tags.Service_component": "etcd",
                            "type": "gp2"
                        },
                        "meta": {},
                        "tainted": false
                    },
                    "deposed": [],
                    "provider": ""
                },
                "aws_ebs_volume.k8s_etcd_ebs.2": {
                    "type": "aws_ebs_volume",
                    "depends_on": [
                        "data.aws_availability_zones.available",
                        "null_resource.k8s_cluster"
                    ],
                    "primary": {
                        "id": "vol-7fb36afc",
                        "attributes": {
                            "availability_zone": "us-west-2c",
                            "encrypted": "true",
                            "id": "vol-7fb36afc",
                            "kms_key_id": "arn:aws:kms:us-west-2:663559125979:key/bf5aeaec-d671-47f8-9311-b43c35ddd37d",
                            "size": "20",
                            "snapshot_id": "",
                            "tags.%": "7",
                            "tags.Hostname": "us-west-2_jive-microservices-prod-jcx-etcd3",
                            "tags.Jive_service": "us-west-2_jive-microservices-prod-jcx",
                            "tags.Name": "prod-jcx-k8s_etcd-instance",
                            "tags.Pipeline_phase": "prod-jcx",
                            "tags.Region": "us-west-2",
                            "tags.SLA": "prod",
                            "tags.Service_component": "etcd",
                            "type": "gp2"
                        },
                        "meta": {},
                        "tainted": false
                    },
                    "deposed": [],
                    "provider": ""
                },
                "aws_ebs_volume.k8s_etcd_ebs.3": {
                    "type": "aws_ebs_volume",
                    "depends_on": [
                        "data.aws_availability_zones.available",
                        "null_resource.k8s_cluster"
                    ],
                    "primary": {
                        "id": "vol-039f57391a6710179",
                        "attributes": {
                            "availability_zone": "us-west-2a",
                            "encrypted": "true",
                            "id": "vol-039f57391a6710179",
                            "kms_key_id": "arn:aws:kms:us-west-2:663559125979:key/bf5aeaec-d671-47f8-9311-b43c35ddd37d",
                            "size": "20",
                            "snapshot_id": "",
                            "tags.%": "7",
                            "tags.Hostname": "us-west-2_jive-microservices-prod-jcx-etcd4",
                            "tags.Jive_service": "us-west-2_jive-microservices-prod-jcx",
                            "tags.Name": "prod-jcx-k8s_etcd-instance",
                            "tags.Pipeline_phase": "prod-jcx",
                            "tags.Region": "us-west-2",
                            "tags.SLA": "prod",
                            "tags.Service_component": "etcd",
                            "type": "gp2"
                        },
                        "meta": {},
                        "tainted": false
                    },
                    "deposed": [],
                    "provider": ""
                },
                "aws_ebs_volume.k8s_etcd_ebs.4": {
                    "type": "aws_ebs_volume",
                    "depends_on": [
                        "data.aws_availability_zones.available",
                        "null_resource.k8s_cluster"
                    ],
                    "primary": {
                        "id": "vol-03712dc1e715cb0e7",
                        "attributes": {
                            "availability_zone": "us-west-2b",
                            "encrypted": "true",
                            "id": "vol-03712dc1e715cb0e7",
                            "kms_key_id": "arn:aws:kms:us-west-2:663559125979:key/bf5aeaec-d671-47f8-9311-b43c35ddd37d",
                            "size": "20",
                            "snapshot_id": "",
                            "tags.%": "7",
                            "tags.Hostname": "us-west-2_jive-microservices-prod-jcx-etcd5",
                            "tags.Jive_service": "us-west-2_jive-microservices-prod-jcx",
                            "tags.Name": "prod-jcx-k8s_etcd-instance",
                            "tags.Pipeline_phase": "prod-jcx",
                            "tags.Region": "us-west-2",
                            "tags.SLA": "prod",
                            "tags.Service_component": "etcd",
                            "type": "gp2"
                        },
                        "meta": {},
                        "tainted": false
                    },
                    "deposed": [],
                    "provider": ""
                },
                "aws_ebs_volume.k8s_etcd_ebs.5": {
                    "type": "aws_ebs_volume",
                    "depends_on": [
                        "data.aws_availability_zones.available",
                        "null_resource.k8s_cluster"
                    ],
                    "primary": {
                        "id": "vol-0afb13e514226ccde",
                        "attributes": {
                            "availability_zone": "us-west-2c",
                            "encrypted": "true",
                            "id": "vol-0afb13e514226ccde",
                            "kms_key_id": "arn:aws:kms:us-west-2:663559125979:key/bf5aeaec-d671-47f8-9311-b43c35ddd37d",
                            "size": "20",
                            "snapshot_id": "",
                            "tags.%": "7",
                            "tags.Hostname": "us-west-2_jive-microservices-prod-jcx-etcd6",
                            "tags.Jive_service": "us-west-2_jive-microservices-prod-jcx",
                            "tags.Name": "prod-jcx-k8s_etcd-instance",
                            "tags.Pipeline_phase": "prod-jcx",
                            "tags.Region": "us-west-2",
                            "tags.SLA": "prod",
                            "tags.Service_component": "etcd",
                            "type": "gp2"
                        },
                        "meta": {},
                        "tainted": false
                    },
                    "deposed": [],
                    "provider": ""
                },
                "aws_ebs_volume.k8s_master": {
                    "type": "aws_ebs_volume",
                    "depends_on": [
                        "null_resource.k8s_cluster"
                    ],
                    "primary": {
                        "id": "vol-e6c17252",
                        "attributes": {
                            "availability_zone": "us-west-2a",
                            "encrypted": "true",
                            "id": "vol-e6c17252",
                            "kms_key_id": "arn:aws:kms:us-west-2:663559125979:key/bf5aeaec-d671-47f8-9311-b43c35ddd37d",
                            "size": "100",
                            "snapshot_id": "",
                            "tags.%": "7",
                            "tags.Hostname": "us-west-2_jive-microservices-prod-jcx-master1",
                            "tags.Jive_service": "us-west-2_jive-microservices-prod-jcx",
                            "tags.Name": "prod-jcx-k8s_master-instance",
                            "tags.Pipeline_phase": "prod-jcx",
                            "tags.Region": "us-west-2",
                            "tags.SLA": "prod",
                            "tags.Service_component": "k8s-master",
                            "type": "gp2"
                        },
                        "meta": {},
                        "tainted": false
                    },
                    "deposed": [],
                    "provider": ""
                },
                "aws_eip.k8s_etcd_eip.0": {
                    "type": "aws_eip",
                    "depends_on": [
                        "aws_network_interface.k8s_etcd"
                    ],
                    "primary": {
                        "id": "eipalloc-b69d2bd1",
                        "attributes": {
                            "association_id": "eipassoc-89aa89f1",
                            "domain": "vpc",
                            "id": "eipalloc-b69d2bd1",
                            "instance": "i-03cf5d52d7fbc2353",
                            "network_interface": "eni-e7a48fa9",
                            "private_ip": "10.122.112.220",
                            "public_ip": "52.43.157.208",
                            "vpc": "true"
                        },
                        "meta": {},
                        "tainted": false
                    },
                    "deposed": [],
                    "provider": ""
                },
                "aws_eip.k8s_etcd_eip.1": {
                    "type": "aws_eip",
                    "depends_on": [
                        "aws_network_interface.k8s_etcd"
                    ],
                    "primary": {
                        "id": "eipalloc-8c9f29eb",
                        "attributes": {
                            "association_id": "eipassoc-46a4873e",
                            "domain": "vpc",
                            "id": "eipalloc-8c9f29eb",
                            "instance": "i-092da83edab665138",
                            "network_interface": "eni-9b7d11e4",
                            "private_ip": "10.122.119.120",
                            "public_ip": "54.148.217.76",
                            "vpc": "true"
                        },
                        "meta": {},
                        "tainted": false
                    },
                    "deposed": [],
                    "provider": ""
                },
                "aws_eip.k8s_etcd_eip.2": {
                    "type": "aws_eip",
                    "depends_on": [
                        "aws_network_interface.k8s_etcd"
                    ],
                    "primary": {
                        "id": "eipalloc-4e922429",
                        "attributes": {
                            "association_id": "eipassoc-b1ab88c9",
                            "domain": "vpc",
                            "id": "eipalloc-4e922429",
                            "instance": "i-076756179552a3587",
                            "network_interface": "eni-e3663bbd",
                            "private_ip": "10.122.122.227",
                            "public_ip": "52.41.225.62",
                            "vpc": "true"
                        },
                        "meta": {},
                        "tainted": false
                    },
                    "deposed": [],
                    "provider": ""
                },
                "aws_eip.k8s_etcd_eip.3": {
                    "type": "aws_eip",
                    "depends_on": [
                        "aws_network_interface.k8s_etcd"
                    ],
                    "primary": {
                        "id": "eipalloc-bf7b54d8",
                        "attributes": {
                            "association_id": "eipassoc-5012fa2a",
                            "domain": "vpc",
                            "id": "eipalloc-bf7b54d8",
                            "instance": "i-02dff150b089dbe5a",
                            "network_interface": "eni-b33b57f0",
                            "private_ip": "10.122.115.222",
                            "public_ip": "35.165.164.18",
                            "vpc": "true"
                        },
                        "meta": {},
                        "tainted": false
                    },
                    "deposed": [],
                    "provider": ""
                },
                "aws_eip.k8s_etcd_eip.4": {
                    "type": "aws_eip",
                    "depends_on": [
                        "aws_network_interface.k8s_etcd"
                    ],
                    "primary": {
                        "id": "eipalloc-d97956be",
                        "attributes": {
                            "association_id": "eipassoc-5312fa29",
                            "domain": "vpc",
                            "id": "eipalloc-d97956be",
                            "instance": "i-0968971c2d61d8752",
                            "network_interface": "eni-524fa022",
                            "private_ip": "10.122.118.230",
                            "public_ip": "35.166.129.252",
                            "vpc": "true"
                        },
                        "meta": {},
                        "tainted": false
                    },
                    "deposed": [],
                    "provider": ""
                },
                "aws_eip.k8s_etcd_eip.5": {
                    "type": "aws_eip",
                    "depends_on": [
                        "aws_network_interface.k8s_etcd"
                    ],
                    "primary": {
                        "id": "eipalloc-be7b54d9",
                        "attributes": {
                            "association_id": "eipassoc-7e13fb04",
                            "domain": "vpc",
                            "id": "eipalloc-be7b54d9",
                            "instance": "i-0756bb44c62f9ab75",
                            "network_interface": "eni-3dfcc66d",
                            "private_ip": "10.122.121.245",
                            "public_ip": "35.166.171.208",
                            "vpc": "true"
                        },
                        "meta": {},
                        "tainted": false
                    },
                    "deposed": [],
                    "provider": ""
                },
                "aws_eip.k8s_master_eip": {
                    "type": "aws_eip",
                    "depends_on": [],
                    "primary": {
                        "id": "eipalloc-2e9c2a49",
                        "attributes": {
                            "association_id": "eipassoc-c371fcfe",
                            "domain": "vpc",
                            "id": "eipalloc-2e9c2a49",
                            "instance": "i-0e1107c8af9c3d3f3",
                            "network_interface": "eni-2b089117",
                            "private_ip": "10.122.112.82",
                            "public_ip": "54.70.244.239",
                            "vpc": "true"
                        },
                        "meta": {},
                        "tainted": false
                    },
                    "deposed": [],
                    "provider": ""
                },
                "aws_elb.k8s_master": {
                    "type": "aws_elb",
                    "depends_on": [
                        "aws_security_group.k8s_master_instance",
                        "null_resource.k8s_cluster"
                    ],
                    "primary": {
                        "id": "prod-jcx-k8s-master-elb",
                        "attributes": {
                            "access_logs.#": "0",
                            "availability_zones.#": "1",
                            "availability_zones.2487133097": "us-west-2a",
                            "connection_draining": "false",
                            "connection_draining_timeout": "300",
                            "cross_zone_load_balancing": "true",
                            "dns_name": "internal-prod-jcx-k8s-master-elb-1703177150.us-west-2.elb.amazonaws.com",
                            "health_check.#": "1",
                            "health_check.0.healthy_threshold": "2",
                            "health_check.0.interval": "30",
                            "health_check.0.target": "TCP:443",
                            "health_check.0.timeout": "3",
                            "health_check.0.unhealthy_threshold": "2",
                            "id": "prod-jcx-k8s-master-elb",
                            "idle_timeout": "1800",
                            "instances.#": "1",
                            "instances.990341307": "i-0e1107c8af9c3d3f3",
                            "internal": "true",
                            "listener.#": "1",
                            "listener.610193557.instance_port": "443",
                            "listener.610193557.instance_protocol": "tcp",
                            "listener.610193557.lb_port": "443",
                            "listener.610193557.lb_protocol": "tcp",
                            "listener.610193557.ssl_certificate_id": "",
                            "name": "prod-jcx-k8s-master-elb",
                            "security_groups.#": "2",
                            "security_groups.1847991617": "sg-d4268ead",
                            "security_groups.3892425403": "sg-cf8729b6",
                            "source_security_group": "663559125979/us-west-2_jive-microservices-prod-jcx-master-instance",
                            "source_security_group_id": "sg-d4268ead",
                            "subnets.#": "1",
                            "subnets.3945398737": "subnet-eaf4a79c",
                            "tags.%": "7",
                            "tags.Hostname": "us-west-2_jive-microservices-prod-jcx-master1",
                            "tags.Jive_service": "us-west-2_jive-microservices-prod-jcx",
                            "tags.Name": "prod-jcx-k8s_master-elb",
                            "tags.Pipeline_phase": "prod-jcx",
                            "tags.Region": "us-west-2",
                            "tags.SLA": "prod",
                            "tags.Service_component": "k8s-master",
                            "zone_id": "Z1H1FL5HABSF5"
                        },
                        "meta": {},
                        "tainted": false
                    },
                    "deposed": [],
                    "provider": ""
                },
                "aws_iam_instance_profile.k8s-master": {
                    "type": "aws_iam_instance_profile",
                    "depends_on": [
                        "aws_iam_role.k8s-master",
                        "null_resource.k8s_cluster"
                    ],
                    "primary": {
                        "id": "us-west-2_jive-microservices-prod-jcx-k8s-master-profile",
                        "attributes": {
                            "arn": "arn:aws:iam::663559125979:instance-profile/us-west-2_jive-microservices-prod-jcx-k8s-master-profile",
                            "id": "us-west-2_jive-microservices-prod-jcx-k8s-master-profile",
                            "name": "us-west-2_jive-microservices-prod-jcx-k8s-master-profile",
                            "path": "/",
                            "roles.#": "1",
                            "roles.2373478386": "us-west-2_jive-microservices-prod-jcx-master-role",
                            "unique_id": "AIPAJGSFH5BK5PU62IRIG"
                        },
                        "meta": {},
                        "tainted": false
                    },
                    "deposed": [],
                    "provider": ""
                },
                "aws_iam_instance_profile.k8s-node": {
                    "type": "aws_iam_instance_profile",
                    "depends_on": [
                        "aws_iam_role.k8s-node",
                        "null_resource.k8s_cluster"
                    ],
                    "primary": {
                        "id": "us-west-2_jive-microservices-prod-jcx-k8s-node-profile",
                        "attributes": {
                            "arn": "arn:aws:iam::663559125979:instance-profile/us-west-2_jive-microservices-prod-jcx-k8s-node-profile",
                            "id": "us-west-2_jive-microservices-prod-jcx-k8s-node-profile",
                            "name": "us-west-2_jive-microservices-prod-jcx-k8s-node-profile",
                            "path": "/",
                            "roles.#": "1",
                            "roles.216880744": "us-west-2_jive-microservices-prod-jcx-node-role",
                            "unique_id": "AIPAIXJ2CSO5AMTLGJCFA"
                        },
                        "meta": {},
                        "tainted": false
                    },
                    "deposed": [],
                    "provider": ""
                },
                "aws_iam_role.k8s-master": {
                    "type": "aws_iam_role",
                    "depends_on": [
                        "null_resource.k8s_cluster"
                    ],
                    "primary": {
                        "id": "us-west-2_jive-microservices-prod-jcx-master-role",
                        "attributes": {
                            "arn": "arn:aws:iam::663559125979:role/us-west-2_jive-microservices-prod-jcx-master-role",
                            "assume_role_policy": "{\"Version\":\"2012-10-17\",\"Statement\":[{\"Sid\":\"\",\"Effect\":\"Allow\",\"Principal\":{\"Service\":\"ec2.amazonaws.com\"},\"Action\":\"sts:AssumeRole\"}]}",
                            "create_date": "2016-09-30T19:45:27Z",
                            "id": "us-west-2_jive-microservices-prod-jcx-master-role",
                            "name": "us-west-2_jive-microservices-prod-jcx-master-role",
                            "path": "/",
                            "unique_id": "AROAJRH3LZFRWKXPBVQG4"
                        },
                        "meta": {},
                        "tainted": false
                    },
                    "deposed": [],
                    "provider": ""
                },
                "aws_iam_role.k8s-node": {
                    "type": "aws_iam_role",
                    "depends_on": [
                        "null_resource.k8s_cluster"
                    ],
                    "primary": {
                        "id": "us-west-2_jive-microservices-prod-jcx-node-role",
                        "attributes": {
                            "arn": "arn:aws:iam::663559125979:role/us-west-2_jive-microservices-prod-jcx-node-role",
                            "assume_role_policy": "{\"Version\":\"2012-10-17\",\"Statement\":[{\"Sid\":\"\",\"Effect\":\"Allow\",\"Principal\":{\"Service\":\"ec2.amazonaws.com\"},\"Action\":\"sts:AssumeRole\"}]}",
                            "create_date": "2016-09-30T19:45:27Z",
                            "id": "us-west-2_jive-microservices-prod-jcx-node-role",
                            "name": "us-west-2_jive-microservices-prod-jcx-node-role",
                            "path": "/",
                            "unique_id": "AROAJNC5VX4QUBNXYVH7M"
                        },
                        "meta": {},
                        "tainted": false
                    },
                    "deposed": [],
                    "provider": ""
                },
                "aws_iam_role_policy.k8s-master": {
                    "type": "aws_iam_role_policy",
                    "depends_on": [
                        "aws_iam_role.k8s-master",
                        "null_resource.k8s_cluster"
                    ],
                    "primary": {
                        "id": "us-west-2_jive-microservices-prod-jcx-master-role:us-west-2_jive-microservices-prod-jcx-master-policy",
                        "attributes": {
                            "id": "us-west-2_jive-microservices-prod-jcx-master-role:us-west-2_jive-microservices-prod-jcx-master-policy",
                            "name": "us-west-2_jive-microservices-prod-jcx-master-policy",
                            "policy": "{\n    \"Version\": \"2012-10-17\",\n    \"Statement\": [\n        {\n            \"Effect\": \"Allow\",\n            \"Action\": [\"ec2:*\"],\n            \"Resource\": [\"*\"]\n        },\n        {\n            \"Effect\": \"Allow\",\n            \"Action\": [\"elasticloadbalancing:*\"],\n            \"Resource\": [\"*\"]\n        },\n        {\n            \"Effect\": \"Allow\",\n            \"Action\": [\n                \"ec2:Describe*\",\n                \"ec2:AttachVolume\",\n                \"ec2:DetachVolume\",\n                \"route53:ListHostedZones\",\n                \"route53:ListResourceRecordSets\",\n                \"rds:Describe*\",\n                \"elasticache:Describe*\",\n                \"s3:GetObject\",\n                \"s3:PutObject\",\n                \"s3:ListAllMyBuckets\",\n                \"s3:ListBucket\",\n                \"s3:GetBucketLocation\"\n            ],\n            \"Resource\": \"*\"\n        }\n    ]\n}\n",
                            "role": "us-west-2_jive-microservices-prod-jcx-master-role"
                        },
                        "meta": {},
                        "tainted": false
                    },
                    "deposed": [],
                    "provider": ""
                },
                "aws_iam_role_policy.k8s-node": {
                    "type": "aws_iam_role_policy",
                    "depends_on": [
                        "aws_iam_role.k8s-node",
                        "null_resource.k8s_cluster"
                    ],
                    "primary": {
                        "id": "us-west-2_jive-microservices-prod-jcx-node-role:us-west-2_jive-microservices-prod-jcx-node-policy",
                        "attributes": {
                            "id": "us-west-2_jive-microservices-prod-jcx-node-role:us-west-2_jive-microservices-prod-jcx-node-policy",
                            "name": "us-west-2_jive-microservices-prod-jcx-node-policy",
                            "policy": "{\n    \"Version\": \"2012-10-17\",\n    \"Statement\": [\n        {\n            \"Effect\": \"Allow\",\n            \"Action\": [\n                \"ec2:Describe*\",\n                \"ec2:AttachVolume\",\n                \"ec2:DetachVolume\",\n                \"ec2:AttachNetworkInterface\",\n                \"ec2:DetachNetworkInterface\",\n                \"route53:ListHostedZones\",\n                \"route53:ListResourceRecordSets\",\n                \"rds:Describe*\",\n                \"elasticache:Describe*\",\n                \"s3:GetObject\",\n                \"s3:ListAllMyBuckets\",\n                \"s3:ListBucket\",\n                \"s3:PutObject\",\n                \"s3:CreateBucket\",\n                \"s3:GetBucketLocation\"\n            ],\n            \"Resource\": \"*\"\n        }\n    ]\n}\n",
                            "role": "us-west-2_jive-microservices-prod-jcx-node-role"
                        },
                        "meta": {},
                        "tainted": false
                    },
                    "deposed": [],
                    "provider": ""
                },
                "aws_launch_configuration.k8s_etcd": {
                    "type": "aws_launch_configuration",
                    "depends_on": [],
                    "primary": {
                        "id": "terraform-005fc45efb71ab51161601588d",
                        "attributes": {
                            "associate_public_ip_address": "false",
                            "ebs_block_device.#": "0",
                            "ebs_optimized": "false",
                            "enable_monitoring": "true",
                            "ephemeral_block_device.#": "0",
                            "iam_instance_profile": "us-west-2_jive-microservices-prod-jcx-k8s-node-profile",
                            "id": "terraform-005fc45efb71ab51161601588d",
                            "image_id": "ami-9f46e7ff",
                            "instance_type": "t2.medium",
                            "key_name": "plops-ms-prod-jcx-k8s",
                            "name": "terraform-005fc45efb71ab51161601588d",
                            "root_block_device.#": "1",
                            "root_block_device.0.delete_on_termination": "true",
                            "root_block_device.0.iops": "0",
                            "root_block_device.0.volume_size": "20",
                            "root_block_device.0.volume_type": "gp2",
                            "security_groups.#": "2",
                            "security_groups.2011027852": "sg-c5268ebc",
                            "security_groups.3892425403": "sg-cf8729b6",
                            "spot_price": "",
                            "user_data": "9bcb323b7dcf1aa1e7eac1217426274a1d5d760f",
                            "vpc_classic_link_id": "",
                            "vpc_classic_link_security_groups.#": "0"
                        },
                        "meta": {},
                        "tainted": false
                    },
                    "deposed": [],
                    "provider": ""
                },
                "aws_launch_configuration.k8s_master": {
                    "type": "aws_launch_configuration",
                    "depends_on": [],
                    "primary": {
                        "id": "terraform-005fc45efb71ab51161601588f",
                        "attributes": {
                            "associate_public_ip_address": "false",
                            "ebs_block_device.#": "0",
                            "ebs_optimized": "false",
                            "enable_monitoring": "true",
                            "ephemeral_block_device.#": "0",
                            "iam_instance_profile": "us-west-2_jive-microservices-prod-jcx-k8s-master-profile",
                            "id": "terraform-005fc45efb71ab51161601588f",
                            "image_id": "ami-9f46e7ff",
                            "instance_type": "r4.xlarge",
                            "key_name": "plops-ms-prod-jcx-k8s",
                            "name": "terraform-005fc45efb71ab51161601588f",
                            "root_block_device.#": "1",
                            "root_block_device.0.delete_on_termination": "true",
                            "root_block_device.0.iops": "0",
                            "root_block_device.0.volume_size": "100",
                            "root_block_device.0.volume_type": "gp2",
                            "security_groups.#": "2",
                            "security_groups.1847991617": "sg-d4268ead",
                            "security_groups.3892425403": "sg-cf8729b6",
                            "spot_price": "",
                            "user_data": "9bcb323b7dcf1aa1e7eac1217426274a1d5d760f",
                            "vpc_classic_link_id": "",
                            "vpc_classic_link_security_groups.#": "0"
                        },
                        "meta": {},
                        "tainted": false
                    },
                    "deposed": [],
                    "provider": ""
                },
                "aws_launch_configuration.k8s_worker": {
                    "type": "aws_launch_configuration",
                    "depends_on": [],
                    "primary": {
                        "id": "terraform-00647b083dea69e3243c88cfcf",
                        "attributes": {
                            "associate_public_ip_address": "false",
                            "ebs_block_device.#": "0",
                            "ebs_optimized": "false",
                            "enable_monitoring": "true",
                            "ephemeral_block_device.#": "0",
                            "iam_instance_profile": "us-west-2_jive-microservices-prod-jcx-k8s-node-profile",
                            "id": "terraform-00647b083dea69e3243c88cfcf",
                            "image_id": "ami-9f46e7ff",
                            "instance_type": "m4.4xlarge",
                            "key_name": "plops-ms-prod-jcx-k8s",
                            "name": "terraform-00647b083dea69e3243c88cfcf",
                            "root_block_device.#": "1",
                            "root_block_device.0.delete_on_termination": "true",
                            "root_block_device.0.iops": "0",
                            "root_block_device.0.volume_size": "50",
                            "root_block_device.0.volume_type": "gp2",
                            "security_groups.#": "2",
                            "security_groups.2473560212": "sg-c8268eb1",
                            "security_groups.3892425403": "sg-cf8729b6",
                            "spot_price": "",
                            "user_data": "9bcb323b7dcf1aa1e7eac1217426274a1d5d760f",
                            "vpc_classic_link_id": "",
                            "vpc_classic_link_security_groups.#": "0"
                        },
                        "meta": {},
                        "tainted": false
                    },
                    "deposed": [],
                    "provider": ""
                },
                "aws_network_interface.k8s_etcd.0": {
                    "type": "aws_network_interface",
                    "depends_on": [
                        "aws_security_group.k8s_etcd_instance",
                        "data.aws_subnet.natdc",
                        "null_resource.k8s_cluster"
                    ],
                    "primary": {
                        "id": "eni-e7a48fa9",
                        "attributes": {
                            "attachment.#": "1",
                            "attachment.2595797722.attachment_id": "eni-attach-a4685b4e",
                            "attachment.2595797722.device_index": "1",
                            "attachment.2595797722.instance": "i-03cf5d52d7fbc2353",
                            "description": "",
                            "id": "eni-e7a48fa9",
                            "private_ips.#": "1",
                            "private_ips.3468327683": "10.122.112.220",
                            "security_groups.#": "2",
                            "security_groups.2011027852": "sg-c5268ebc",
                            "security_groups.3892425403": "sg-cf8729b6",
                            "source_dest_check": "true",
                            "subnet_id": "subnet-eaf4a79c",
                            "tags.%": "8",
                            "tags.Hostname": "us-west-2_jive-microservices-prod-jcx-etcd1",
                            "tags.Jive_service": "us-west-2_jive-microservices-prod-jcx",
                            "tags.KubernetesCluster": "us-west-2_jive-microservices-prod-jcx",
                            "tags.Name": "prod-jcx-k8s-etcd-instance",
                            "tags.Pipeline_phase": "prod-jcx",
                            "tags.Region": "us-west-2",
                            "tags.SLA": "prod",
                            "tags.Service_component": "k8s-etcd"
                        },
                        "meta": {},
                        "tainted": false
                    },
                    "deposed": [],
                    "provider": ""
                },
                "aws_network_interface.k8s_etcd.1": {
                    "type": "aws_network_interface",
                    "depends_on": [
                        "aws_security_group.k8s_etcd_instance",
                        "data.aws_subnet.natdc",
                        "null_resource.k8s_cluster"
                    ],
                    "primary": {
                        "id": "eni-9b7d11e4",
                        "attributes": {
                            "attachment.#": "1",
                            "attachment.1751429051.attachment_id": "eni-attach-339466db",
                            "attachment.1751429051.device_index": "1",
                            "attachment.1751429051.instance": "i-092da83edab665138",
                            "description": "",
                            "id": "eni-9b7d11e4",
                            "private_ips.#": "1",
                            "private_ips.3140285515": "10.122.119.120",
                            "security_groups.#": "2",
                            "security_groups.2011027852": "sg-c5268ebc",
                            "security_groups.3892425403": "sg-cf8729b6",
                            "source_dest_check": "true",
                            "subnet_id": "subnet-62ab9306",
                            "tags.%": "8",
                            "tags.Hostname": "us-west-2_jive-microservices-prod-jcx-etcd2",
                            "tags.Jive_service": "us-west-2_jive-microservices-prod-jcx",
                            "tags.KubernetesCluster": "us-west-2_jive-microservices-prod-jcx",
                            "tags.Name": "prod-jcx-k8s-etcd-instance",
                            "tags.Pipeline_phase": "prod-jcx",
                            "tags.Region": "us-west-2",
                            "tags.SLA": "prod",
                            "tags.Service_component": "k8s-etcd"
                        },
                        "meta": {},
                        "tainted": false
                    },
                    "deposed": [],
                    "provider": ""
                },
                "aws_network_interface.k8s_etcd.2": {
                    "type": "aws_network_interface",
                    "depends_on": [
                        "aws_security_group.k8s_etcd_instance",
                        "data.aws_subnet.natdc",
                        "null_resource.k8s_cluster"
                    ],
                    "primary": {
                        "id": "eni-e3663bbd",
                        "attributes": {
                            "attachment.#": "1",
                            "attachment.1931052778.attachment_id": "eni-attach-49f1da32",
                            "attachment.1931052778.device_index": "1",
                            "attachment.1931052778.instance": "i-076756179552a3587",
                            "description": "",
                            "id": "eni-e3663bbd",
                            "private_ips.#": "1",
                            "private_ips.3595213838": "10.122.122.227",
                            "security_groups.#": "2",
                            "security_groups.2011027852": "sg-c5268ebc",
                            "security_groups.3892425403": "sg-cf8729b6",
                            "source_dest_check": "true",
                            "subnet_id": "subnet-407ce818",
                            "tags.%": "8",
                            "tags.Hostname": "us-west-2_jive-microservices-prod-jcx-etcd3",
                            "tags.Jive_service": "us-west-2_jive-microservices-prod-jcx",
                            "tags.KubernetesCluster": "us-west-2_jive-microservices-prod-jcx",
                            "tags.Name": "prod-jcx-k8s-etcd-instance",
                            "tags.Pipeline_phase": "prod-jcx",
                            "tags.Region": "us-west-2",
                            "tags.SLA": "prod",
                            "tags.Service_component": "k8s-etcd"
                        },
                        "meta": {},
                        "tainted": false
                    },
                    "deposed": [],
                    "provider": ""
                },
                "aws_network_interface.k8s_etcd.3": {
                    "type": "aws_network_interface",
                    "depends_on": [
                        "aws_security_group.k8s_etcd_instance",
                        "data.aws_subnet.natdc",
                        "null_resource.k8s_cluster"
                    ],
                    "primary": {
                        "id": "eni-b33b57f0",
                        "attributes": {
                            "attachment.#": "1",
                            "attachment.2478356188.attachment_id": "eni-attach-b35f6c59",
                            "attachment.2478356188.device_index": "1",
                            "attachment.2478356188.instance": "i-02dff150b089dbe5a",
                            "description": "",
                            "id": "eni-b33b57f0",
                            "private_ips.#": "1",
                            "private_ips.2459223615": "10.122.115.222",
                            "security_groups.#": "2",
                            "security_groups.2011027852": "sg-c5268ebc",
                            "security_groups.3892425403": "sg-cf8729b6",
                            "source_dest_check": "true",
                            "subnet_id": "subnet-eaf4a79c",
                            "tags.%": "8",
                            "tags.Hostname": "us-west-2_jive-microservices-prod-jcx-etcd4",
                            "tags.Jive_service": "us-west-2_jive-microservices-prod-jcx",
                            "tags.KubernetesCluster": "us-west-2_jive-microservices-prod-jcx",
                            "tags.Name": "prod-jcx-k8s-etcd-instance",
                            "tags.Pipeline_phase": "prod-jcx",
                            "tags.Region": "us-west-2",
                            "tags.SLA": "prod",
                            "tags.Service_component": "k8s-etcd"
                        },
                        "meta": {},
                        "tainted": false
                    },
                    "deposed": [],
                    "provider": ""
                },
                "aws_network_interface.k8s_etcd.4": {
                    "type": "aws_network_interface",
                    "depends_on": [
                        "aws_security_group.k8s_etcd_instance",
                        "data.aws_subnet.natdc",
                        "null_resource.k8s_cluster"
                    ],
                    "primary": {
                        "id": "eni-524fa022",
                        "attributes": {
                            "attachment.#": "1",
                            "attachment.611653716.attachment_id": "eni-attach-e2ea180a",
                            "attachment.611653716.device_index": "1",
                            "attachment.611653716.instance": "i-0968971c2d61d8752",
                            "description": "",
                            "id": "eni-524fa022",
                            "private_ips.#": "1",
                            "private_ips.2635158243": "10.122.118.230",
                            "security_groups.#": "2",
                            "security_groups.2011027852": "sg-c5268ebc",
                            "security_groups.3892425403": "sg-cf8729b6",
                            "source_dest_check": "true",
                            "subnet_id": "subnet-62ab9306",
                            "tags.%": "8",
                            "tags.Hostname": "us-west-2_jive-microservices-prod-jcx-etcd5",
                            "tags.Jive_service": "us-west-2_jive-microservices-prod-jcx",
                            "tags.KubernetesCluster": "us-west-2_jive-microservices-prod-jcx",
                            "tags.Name": "prod-jcx-k8s-etcd-instance",
                            "tags.Pipeline_phase": "prod-jcx",
                            "tags.Region": "us-west-2",
                            "tags.SLA": "prod",
                            "tags.Service_component": "k8s-etcd"
                        },
                        "meta": {},
                        "tainted": false
                    },
                    "deposed": [],
                    "provider": ""
                },
                "aws_network_interface.k8s_etcd.5": {
                    "type": "aws_network_interface",
                    "depends_on": [
                        "aws_security_group.k8s_etcd_instance",
                        "data.aws_subnet.natdc",
                        "null_resource.k8s_cluster"
                    ],
                    "primary": {
                        "id": "eni-3dfcc66d",
                        "attributes": {
                            "attachment.#": "1",
                            "attachment.2676132799.attachment_id": "eni-attach-c90e25b2",
                            "attachment.2676132799.device_index": "1",
                            "attachment.2676132799.instance": "i-0756bb44c62f9ab75",
                            "description": "",
                            "id": "eni-3dfcc66d",
                            "private_ips.#": "1",
                            "private_ips.700326004": "10.122.121.245",
                            "security_groups.#": "2",
                            "security_groups.2011027852": "sg-c5268ebc",
                            "security_groups.3892425403": "sg-cf8729b6",
                            "source_dest_check": "true",
                            "subnet_id": "subnet-407ce818",
                            "tags.%": "8",
                            "tags.Hostname": "us-west-2_jive-microservices-prod-jcx-etcd6",
                            "tags.Jive_service": "us-west-2_jive-microservices-prod-jcx",
                            "tags.KubernetesCluster": "us-west-2_jive-microservices-prod-jcx",
                            "tags.Name": "prod-jcx-k8s-etcd-instance",
                            "tags.Pipeline_phase": "prod-jcx",
                            "tags.Region": "us-west-2",
                            "tags.SLA": "prod",
                            "tags.Service_component": "k8s-etcd"
                        },
                        "meta": {},
                        "tainted": false
                    },
                    "deposed": [],
                    "provider": ""
                },
                "aws_s3_bucket.logging": {
                    "type": "aws_s3_bucket",
                    "depends_on": [
                        "data.aws_iam_policy_document.logging"
                    ],
                    "primary": {
                        "id": "us-west-2-jive-microservices-prod-jcx-logs",
                        "attributes": {
                            "acceleration_status": "",
                            "acl": "private",
                            "arn": "arn:aws:s3:::us-west-2-jive-microservices-prod-jcx-logs",
                            "bucket": "us-west-2-jive-microservices-prod-jcx-logs",
                            "bucket_domain_name": "us-west-2-jive-microservices-prod-jcx-logs.s3.amazonaws.com",
                            "force_destroy": "false",
                            "hosted_zone_id": "Z3BJ6K6RIION7M",
                            "id": "us-west-2-jive-microservices-prod-jcx-logs",
                            "policy": "{\"Statement\":[{\"Action\":\"s3:PutObject\",\"Effect\":\"Allow\",\"Principal\":{\"AWS\":[\"arn:aws:iam::663559125979:role/us-west-2_jive-microservices-prod-jcx-node-role\",\"arn:aws:iam::663559125979:role/us-west-2_jive-microservices-prod-jcx-master-role\"]},\"Resource\":\"arn:aws:s3:::us-west-2-jive-microservices-prod-jcx-logs/*\",\"Sid\":\"Logs\"}],\"Version\":\"2012-10-17\"}",
                            "region": "us-west-2",
                            "request_payer": "BucketOwner",
                            "tags.%": "5",
                            "tags.KubernetesCluster": "us-west-2_jive-microservices-prod-jcx",
                            "tags.Name": "us-west-2-jive-microservices-prod-jcx-logs",
                            "tags.pipeline_phase": "prod-jcx",
                            "tags.region": "us-west-2",
                            "tags.service_component": "logs",
                            "versioning.#": "1",
                            "versioning.0.enabled": "false",
                            "versioning.0.mfa_delete": "false",
                            "website.#": "0"
                        },
                        "meta": {},
                        "tainted": false
                    },
                    "deposed": [],
                    "provider": ""
                },
                "aws_security_group.k8s_etcd_instance": {
                    "type": "aws_security_group",
                    "depends_on": [
                        "aws_security_group.k8s_master_instance",
                        "aws_security_group.k8s_worker_instance",
                        "null_resource.k8s_cluster"
                    ],
                    "primary": {
                        "id": "sg-c5268ebc",
                        "attributes": {
                            "description": "Access to K8S etcd nodes",
                            "egress.#": "0",
                            "id": "sg-c5268ebc",
                            "ingress.#": "2",
                            "ingress.3557916043.cidr_blocks.#": "0",
                            "ingress.3557916043.from_port": "2379",
                            "ingress.3557916043.ipv6_cidr_blocks.#": "0",
                            "ingress.3557916043.protocol": "tcp",
                            "ingress.3557916043.security_groups.#": "2",
                            "ingress.3557916043.security_groups.1847991617": "sg-d4268ead",
                            "ingress.3557916043.security_groups.2473560212": "sg-c8268eb1",
                            "ingress.3557916043.self": "true",
                            "ingress.3557916043.to_port": "2379",
                            "ingress.4032835345.cidr_blocks.#": "0",
                            "ingress.4032835345.from_port": "2380",
                            "ingress.4032835345.ipv6_cidr_blocks.#": "0",
                            "ingress.4032835345.protocol": "tcp",
                            "ingress.4032835345.security_groups.#": "2",
                            "ingress.4032835345.security_groups.1847991617": "sg-d4268ead",
                            "ingress.4032835345.security_groups.2473560212": "sg-c8268eb1",
                            "ingress.4032835345.self": "true",
                            "ingress.4032835345.to_port": "2380",
                            "name": "us-west-2_jive-microservices-prod-jcx-kubernetes-etcd-instance",
                            "owner_id": "663559125979",
                            "tags.%": "6",
                            "tags.Name": "us-west-2_jive-microservices-prod-jcx-etcd-instance",
                            "tags.jive_service": "k8s",
                            "tags.pipeline_phase": "prod-jcx",
                            "tags.region": "us-west-2",
                            "tags.service_component": "k8s-etcd",
                            "tags.sla": "prod",
                            "vpc_id": "vpc-d1e2f2b5"
                        },
                        "meta": {},
                        "tainted": false
                    },
                    "deposed": [],
                    "provider": ""
                },
                "aws_security_group.k8s_master_instance": {
                    "type": "aws_security_group",
                    "depends_on": [
                        "null_resource.k8s_cluster"
                    ],
                    "primary": {
                        "id": "sg-d4268ead",
                        "attributes": {
                            "description": "Access to K8S Master nodes",
                            "egress.#": "0",
                            "id": "sg-d4268ead",
                            "ingress.#": "3",
                            "ingress.2118425361.cidr_blocks.#": "0",
                            "ingress.2118425361.from_port": "0",
                            "ingress.2118425361.ipv6_cidr_blocks.#": "0",
                            "ingress.2118425361.protocol": "-1",
                            "ingress.2118425361.security_groups.#": "1",
                            "ingress.2118425361.security_groups.2473560212": "sg-c8268eb1",
                            "ingress.2118425361.self": "false",
                            "ingress.2118425361.to_port": "0",
                            "ingress.2885713073.cidr_blocks.#": "1",
                            "ingress.2885713073.cidr_blocks.0": "10.0.0.0/8",
                            "ingress.2885713073.from_port": "8080",
                            "ingress.2885713073.ipv6_cidr_blocks.#": "0",
                            "ingress.2885713073.protocol": "tcp",
                            "ingress.2885713073.security_groups.#": "0",
                            "ingress.2885713073.self": "true",
                            "ingress.2885713073.to_port": "8080",
                            "ingress.691539513.cidr_blocks.#": "1",
                            "ingress.691539513.cidr_blocks.0": "10.0.0.0/8",
                            "ingress.691539513.from_port": "443",
                            "ingress.691539513.ipv6_cidr_blocks.#": "0",
                            "ingress.691539513.protocol": "tcp",
                            "ingress.691539513.security_groups.#": "0",
                            "ingress.691539513.self": "true",
                            "ingress.691539513.to_port": "443",
                            "name": "us-west-2_jive-microservices-prod-jcx-master-instance",
                            "owner_id": "663559125979",
                            "tags.%": "6",
                            "tags.Name": "us-west-2_jive-microservices-prod-jcx-master-instance",
                            "tags.jive_service": "k8s",
                            "tags.pipeline_phase": "prod-jcx",
                            "tags.region": "us-west-2",
                            "tags.service_component": "k8s-master",
                            "tags.sla": "prod",
                            "vpc_id": "vpc-d1e2f2b5"
                        },
                        "meta": {},
                        "tainted": false
                    },
                    "deposed": [],
                    "provider": ""
                },
                "aws_security_group.k8s_worker_instance": {
                    "type": "aws_security_group",
                    "depends_on": [
                        "aws_security_group.k8s_master_instance",
                        "null_resource.k8s_cluster"
                    ],
                    "primary": {
                        "id": "sg-c8268eb1",
                        "attributes": {
                            "description": "Allow traffic to K8S worker nodes",
                            "egress.#": "0",
                            "id": "sg-c8268eb1",
                            "ingress.#": "2",
                            "ingress.1629521123.cidr_blocks.#": "1",
                            "ingress.1629521123.cidr_blocks.0": "10.122.112.0/20",
                            "ingress.1629521123.from_port": "30000",
                            "ingress.1629521123.ipv6_cidr_blocks.#": "0",
                            "ingress.1629521123.protocol": "tcp",
                            "ingress.1629521123.security_groups.#": "0",
                            "ingress.1629521123.self": "false",
                            "ingress.1629521123.to_port": "32767",
                            "ingress.774513422.cidr_blocks.#": "0",
                            "ingress.774513422.from_port": "0",
                            "ingress.774513422.ipv6_cidr_blocks.#": "0",
                            "ingress.774513422.protocol": "-1",
                            "ingress.774513422.security_groups.#": "1",
                            "ingress.774513422.security_groups.1847991617": "sg-d4268ead",
                            "ingress.774513422.self": "true",
                            "ingress.774513422.to_port": "0",
                            "name": "us-west-2_jive-microservices-prod-jcx-worker-instance",
                            "owner_id": "663559125979",
                            "tags.%": "7",
                            "tags.KubernetesCluster": "us-west-2_jive-microservices-prod-jcx",
                            "tags.Name": "us-west-2_jive-microservices-prod-jcx-worker-instance",
                            "tags.jive_service": "k8s",
                            "tags.pipeline_phase": "prod-jcx",
                            "tags.region": "us-west-2",
                            "tags.service_component": "k8s-worker",
                            "tags.sla": "prod",
                            "vpc_id": "vpc-d1e2f2b5"
                        },
                        "meta": {},
                        "tainted": false
                    },
                    "deposed": [],
                    "provider": ""
                },
                "aws_security_group_rule.k8s_master_instance": {
                    "type": "aws_security_group_rule",
                    "depends_on": [
                        "aws_security_group.k8s_master_instance",
                        "aws_security_group.k8s_worker_instance"
                    ],
                    "primary": {
                        "id": "sgrule-4085589368",
                        "attributes": {
                            "cidr_blocks.#": "0",
                            "from_port": "0",
                            "id": "sgrule-4085589368",
                            "ipv6_cidr_blocks.#": "0",
                            "prefix_list_ids.#": "0",
                            "protocol": "-1",
                            "security_group_id": "sg-d4268ead",
                            "self": "false",
                            "source_security_group_id": "sg-c8268eb1",
                            "to_port": "0",
                            "type": "ingress"
                        },
                        "meta": {
                            "schema_version": "2"
                        },
                        "tainted": false
                    },
                    "deposed": [],
                    "provider": ""
                },
                "aws_security_group_rule.k8s_worker_instance": {
                    "type": "aws_security_group_rule",
                    "depends_on": [
                        "aws_security_group.k8s_worker_instance"
                    ],
                    "primary": {
                        "id": "sgrule-234420938",
                        "attributes": {
                            "cidr_blocks.#": "1",
                            "cidr_blocks.0": "10.122.112.0/20",
                            "from_port": "30000",
                            "id": "sgrule-234420938",
                            "ipv6_cidr_blocks.#": "0",
                            "prefix_list_ids.#": "0",
                            "protocol": "tcp",
                            "security_group_id": "sg-c8268eb1",
                            "self": "false",
                            "to_port": "32767",
                            "type": "ingress"
                        },
                        "meta": {
                            "schema_version": "2"
                        },
                        "tainted": false
                    },
                    "deposed": [],
                    "provider": ""
                },
                "data.aws_availability_zones.available": {
                    "type": "aws_availability_zones",
                    "depends_on": [],
                    "primary": {
                        "id": "2017-06-14 23:03:16.022960185 +0000 UTC",
                        "attributes": {
                            "id": "2017-06-14 23:03:16.022960185 +0000 UTC",
                            "names.#": "3",
                            "names.0": "us-west-2a",
                            "names.1": "us-west-2b",
                            "names.2": "us-west-2c"
                        },
                        "meta": {},
                        "tainted": false
                    },
                    "deposed": [],
                    "provider": ""
                },
                "data.aws_iam_policy_document.logging": {
                    "type": "aws_iam_policy_document",
                    "depends_on": [
                        "aws_iam_role.k8s-master",
                        "aws_iam_role.k8s-node"
                    ],
                    "primary": {
                        "id": "2581777847",
                        "attributes": {
                            "id": "2581777847",
                            "json": "{\n  \"Version\": \"2012-10-17\",\n  \"Statement\": [\n    {\n      \"Sid\": \"Logs\",\n      \"Effect\": \"Allow\",\n      \"Action\": \"s3:PutObject\",\n      \"Resource\": \"arn:aws:s3:::us-west-2-jive-microservices-prod-jcx-logs/*\",\n      \"Principal\": {\n        \"AWS\": [\n          \"arn:aws:iam::663559125979:role/us-west-2_jive-microservices-prod-jcx-node-role\",\n          \"arn:aws:iam::663559125979:role/us-west-2_jive-microservices-prod-jcx-master-role\"\n        ]\n      }\n    }\n  ]\n}",
                            "statement.#": "1",
                            "statement.0.actions.#": "1",
                            "statement.0.actions.315547055": "s3:PutObject",
                            "statement.0.condition.#": "0",
                            "statement.0.effect": "Allow",
                            "statement.0.not_actions.#": "0",
                            "statement.0.not_principals.#": "0",
                            "statement.0.not_resources.#": "0",
                            "statement.0.principals.#": "1",
                            "statement.0.principals.1992971649.identifiers.#": "2",
                            "statement.0.principals.1992971649.identifiers.2823829904": "arn:aws:iam::663559125979:role/us-west-2_jive-microservices-prod-jcx-master-role",
                            "statement.0.principals.1992971649.identifiers.74543400": "arn:aws:iam::663559125979:role/us-west-2_jive-microservices-prod-jcx-node-role",
                            "statement.0.principals.1992971649.type": "AWS",
                            "statement.0.resources.#": "1",
                            "statement.0.resources.2214266106": "arn:aws:s3:::us-west-2-jive-microservices-prod-jcx-logs/*",
                            "statement.0.sid": "Logs"
                        },
                        "meta": {},
                        "tainted": false
                    },
                    "deposed": [],
                    "provider": ""
                },
                "data.aws_subnet.natdc.0": {
                    "type": "aws_subnet",
                    "depends_on": [
                        "data.aws_availability_zones.available"
                    ],
                    "primary": {
                        "id": "subnet-eaf4a79c",
                        "attributes": {
                            "availability_zone": "us-west-2a",
                            "cidr_block": "10.122.112.0/22",
                            "default_for_az": "false",
                            "id": "subnet-eaf4a79c",
                            "state": "available",
                            "tags.%": "7",
                            "tags.KubernetesCluster": "us-west-2_jive-microservices-prod-jcx",
                            "tags.Name": "prod-jcx-natdc-subnet",
                            "tags.account_name": "jive-microservices-prod",
                            "tags.kubernetes.io/role/internal-elb": "us-west-2_jive-microservices-prod-jcx",
                            "tags.pipeline_phase": "prod-jcx",
                            "tags.region": "us-west-2",
                            "tags.sla": "prod",
                            "vpc_id": "vpc-d1e2f2b5"
                        },
                        "meta": {},
                        "tainted": false
                    },
                    "deposed": [],
                    "provider": ""
                },
                "data.aws_subnet.natdc.1": {
                    "type": "aws_subnet",
                    "depends_on": [
                        "data.aws_availability_zones.available"
                    ],
                    "primary": {
                        "id": "subnet-62ab9306",
                        "attributes": {
                            "availability_zone": "us-west-2b",
                            "cidr_block": "10.122.116.0/22",
                            "default_for_az": "false",
                            "id": "subnet-62ab9306",
                            "state": "available",
                            "tags.%": "7",
                            "tags.KubernetesCluster": "us-west-2_jive-microservices-prod-jcx",
                            "tags.Name": "prod-jcx-natdc-subnet",
                            "tags.account_name": "jive-microservices-prod",
                            "tags.kubernetes.io/role/internal-elb": "us-west-2_jive-microservices-prod-jcx",
                            "tags.pipeline_phase": "prod-jcx",
                            "tags.region": "us-west-2",
                            "tags.sla": "prod",
                            "vpc_id": "vpc-d1e2f2b5"
                        },
                        "meta": {},
                        "tainted": false
                    },
                    "deposed": [],
                    "provider": ""
                },
                "data.aws_subnet.natdc.2": {
                    "type": "aws_subnet",
                    "depends_on": [
                        "data.aws_availability_zones.available"
                    ],
                    "primary": {
                        "id": "subnet-407ce818",
                        "attributes": {
                            "availability_zone": "us-west-2c",
                            "cidr_block": "10.122.120.0/22",
                            "default_for_az": "false",
                            "id": "subnet-407ce818",
                            "state": "available",
                            "tags.%": "7",
                            "tags.KubernetesCluster": "us-west-2_jive-microservices-prod-jcx",
                            "tags.Name": "prod-jcx-natdc-subnet",
                            "tags.account_name": "jive-microservices-prod",
                            "tags.kubernetes.io/role/internal-elb": "us-west-2_jive-microservices-prod-jcx",
                            "tags.pipeline_phase": "prod-jcx",
                            "tags.region": "us-west-2",
                            "tags.sla": "prod",
                            "vpc_id": "vpc-d1e2f2b5"
                        },
                        "meta": {},
                        "tainted": false
                    },
                    "deposed": [],
                    "provider": ""
                },
                "data.aws_subnet.natdc.3": {
                    "type": "aws_subnet",
                    "depends_on": [
                        "data.aws_availability_zones.available"
                    ],
                    "primary": {
                        "id": "subnet-eaf4a79c",
                        "attributes": {
                            "availability_zone": "us-west-2a",
                            "cidr_block": "10.122.112.0/22",
                            "default_for_az": "false",
                            "id": "subnet-eaf4a79c",
                            "state": "available",
                            "tags.%": "7",
                            "tags.KubernetesCluster": "us-west-2_jive-microservices-prod-jcx",
                            "tags.Name": "prod-jcx-natdc-subnet",
                            "tags.account_name": "jive-microservices-prod",
                            "tags.kubernetes.io/role/internal-elb": "us-west-2_jive-microservices-prod-jcx",
                            "tags.pipeline_phase": "prod-jcx",
                            "tags.region": "us-west-2",
                            "tags.sla": "prod",
                            "vpc_id": "vpc-d1e2f2b5"
                        },
                        "meta": {},
                        "tainted": false
                    },
                    "deposed": [],
                    "provider": ""
                },
                "data.aws_subnet.natdc.4": {
                    "type": "aws_subnet",
                    "depends_on": [
                        "data.aws_availability_zones.available"
                    ],
                    "primary": {
                        "id": "subnet-62ab9306",
                        "attributes": {
                            "availability_zone": "us-west-2b",
                            "cidr_block": "10.122.116.0/22",
                            "default_for_az": "false",
                            "id": "subnet-62ab9306",
                            "state": "available",
                            "tags.%": "7",
                            "tags.KubernetesCluster": "us-west-2_jive-microservices-prod-jcx",
                            "tags.Name": "prod-jcx-natdc-subnet",
                            "tags.account_name": "jive-microservices-prod",
                            "tags.kubernetes.io/role/internal-elb": "us-west-2_jive-microservices-prod-jcx",
                            "tags.pipeline_phase": "prod-jcx",
                            "tags.region": "us-west-2",
                            "tags.sla": "prod",
                            "vpc_id": "vpc-d1e2f2b5"
                        },
                        "meta": {},
                        "tainted": false
                    },
                    "deposed": [],
                    "provider": ""
                },
                "data.aws_subnet.natdc.5": {
                    "type": "aws_subnet",
                    "depends_on": [
                        "data.aws_availability_zones.available"
                    ],
                    "primary": {
                        "id": "subnet-407ce818",
                        "attributes": {
                            "availability_zone": "us-west-2c",
                            "cidr_block": "10.122.120.0/22",
                            "default_for_az": "false",
                            "id": "subnet-407ce818",
                            "state": "available",
                            "tags.%": "7",
                            "tags.KubernetesCluster": "us-west-2_jive-microservices-prod-jcx",
                            "tags.Name": "prod-jcx-natdc-subnet",
                            "tags.account_name": "jive-microservices-prod",
                            "tags.kubernetes.io/role/internal-elb": "us-west-2_jive-microservices-prod-jcx",
                            "tags.pipeline_phase": "prod-jcx",
                            "tags.region": "us-west-2",
                            "tags.sla": "prod",
                            "vpc_id": "vpc-d1e2f2b5"
                        },
                        "meta": {},
                        "tainted": false
                    },
                    "deposed": [],
                    "provider": ""
                },
                "data.template_file.cloud_config": {
                    "type": "template_file",
                    "depends_on": [
                        "aws_eip.k8s_master_eip",
                        "aws_elb.k8s_master",
                        "null_resource.k8s_cluster"
                    ],
                    "primary": {
                        "id": "7a2850bbd3d213b35cc41252fe9f7ab091b165846ee3c04ab3cf1dd5f32408f4",
                        "attributes": {
                            "id": "7a2850bbd3d213b35cc41252fe9f7ab091b165846ee3c04ab3cf1dd5f32408f4",
                            "rendered": "#cloud-config\ncoreos:\n  units:\n    - name: bootstrap.service\n      command: start\n      content: |\n        [Unit]\n        Requires=early-docker.service\n        After=early-docker.service\n        Description=Bootstraps the node\n        [Service]\n        Environment=\"DOCKER_HOST=unix:///var/run/early-docker.sock\"\n        Type=oneshot\n        RemainAfterExit=yes\n        ExecStart=/root/bootstrap.sh\n    - name: settimezone.service\n      command: start\n      content: |\n        [Unit]\n        Description=Set the timezone\n        [Service]\n        ExecStart=/usr/bin/timedatectl set-timezone UTC\n        RemainAfterExit=yes\n        Type=oneshot\nupdate:\n    reboot-strategy: off\nssh_authorized_keys:\n  - ssh-rsa AAAAB3NzaC1yc2EAAAADAQABAAABAQC8ySlaJtmWpLQ3LPx/S5pO/0Tf7BJBAn0t5R6sEKoTZDayGsIrrQ2mye8OHCkuPk7G+TNsdjYyY+v4KQY3NmHfT7vLecMWlfXoIwAIgZ1+9SdJcNRLkvq7c5thpTAGA1i6jF1RDybYjlRGv5cTr9TKBwkykYCilj4qn7q046Bqhf/7/vDndK1t1MKrF16DTFTnXnDkyspYuxDdsFs6UXL2SLzuPBpDskY909MR836q74zfmwzbVffJiTVu5Li01OHZXXVXJmRE0zyYEQvf69T40W9G6HRjOYsdmx/rjxEFfWYAabADUwFrR+791YngKmg72ywRMnZzS+B1i1EtLPxP\nwrite_files:\n  - path: /etc/hosts\n    permissions: 0644\n    content: |\n      10.160.4.127 docker.phx1.jivehosted.com\n      10.160.70.25 pulp-slave\nwrite_files:\n  - path: /root/parse_manifest.sh\n    permissions: 0755\n    content: |\n      #!/usr/bin/bash\n      jq -c '.clusters[] | select(.clusterName == \"us-west-2_jive-microservices-prod-jcx\") | .ansibleImageVersion' /tmp/cluster_manifest.json\nwrite_files:\n  - path: /root/pam_workaround.sh\n    permissions: 0755\n    content: |\n      #!/usr/bin/bash\n      if [[ -d /lib/pam.d ]]; then\n        rsync -a /lib/pam.d/ /etc/pam.d/\n        sed -i '/pam_systemd.so/d' /etc/pam.d/*\n        sed -i '/pam_nologin.so/d' /etc/pam.d/*\n      fi\nwrite_files:\n  - path: /root/bootstrap.sh\n    permissions: 0755\n    content: |\n      #!/usr/bin/bash\n      #\n      if [ -f /etc/coreos/update.conf ] ; then\n        rm  /etc/coreos/update.conf\n      fi\n\n      declare -r ansible_bucket=https://s3-us-west-2.amazonaws.com/jive-ansible-coreos-jive-infra-prod-usw2\n\n      # Get cluster manifest from S3 bucket\n      curl -XGET -s \\\n      --retry 3 \\\n      --retry-delay 5 \\\n      ${ansible_bucket}/cluster_manifest.json \\\n      --output /tmp/cluster_manifest.json\n\n      # Get ansible-coreos bootstrap script from S3 bucket\n      curl -XGET -s \\\n      --retry 3 \\\n      --retry-delay 5 \\\n      ${ansible_bucket}/run-ansible-container.sh \\\n      --output /tmp/run-ansible-container.sh\n\n      declare -r docker_image=$(bash /root/parse_manifest.sh | sed 's/\"//g')\n      bash -vx /root/pam_workaround.sh\n      bash -vx /tmp/run-ansible-container.sh ${docker_image}\n\n      exit 0\n\n# MASTER_EIP_ALLOC and ELB_NAME are passed from Terraform\n#MASTER_EIP_ALLOC:eipalloc-2e9c2a49\n",
                            "template": "#cloud-config\ncoreos:\n  units:\n    - name: bootstrap.service\n      command: start\n      content: |\n        [Unit]\n        Requires=early-docker.service\n        After=early-docker.service\n        Description=Bootstraps the node\n        [Service]\n        Environment=\"DOCKER_HOST=unix:///var/run/early-docker.sock\"\n        Type=oneshot\n        RemainAfterExit=yes\n        ExecStart=/root/bootstrap.sh\n    - name: settimezone.service\n      command: start\n      content: |\n        [Unit]\n        Description=Set the timezone\n        [Service]\n        ExecStart=/usr/bin/timedatectl set-timezone UTC\n        RemainAfterExit=yes\n        Type=oneshot\nupdate:\n    reboot-strategy: off\nssh_authorized_keys:\n  - ${COREOS_AUTHKEY}\nwrite_files:\n  - path: /etc/hosts\n    permissions: 0644\n    content: |\n      ${DOCKER_REGISTRY}\n      ${PHX_PULP}\nwrite_files:\n  - path: /root/parse_manifest.sh\n    permissions: 0755\n    content: |\n      #!/usr/bin/bash\n      jq -c '.clusters[] | select(.clusterName == \"${KubernetesCluster}\") | .ansibleImageVersion' /tmp/cluster_manifest.json\nwrite_files:\n  - path: /root/pam_workaround.sh\n    permissions: 0755\n    content: |\n      #!/usr/bin/bash\n      if [[ -d /lib/pam.d ]]; then\n        rsync -a /lib/pam.d/ /etc/pam.d/\n        sed -i '/pam_systemd.so/d' /etc/pam.d/*\n        sed -i '/pam_nologin.so/d' /etc/pam.d/*\n      fi\nwrite_files:\n  - path: /root/bootstrap.sh\n    permissions: 0755\n    content: |\n      #!/usr/bin/bash\n      #\n      if [ -f /etc/coreos/update.conf ] ; then\n        rm  /etc/coreos/update.conf\n      fi\n\n      declare -r ansible_bucket=${ANSIBLE_BUCKET}\n\n      # Get cluster manifest from S3 bucket\n      curl -XGET -s \\\n      --retry 3 \\\n      --retry-delay 5 \\\n      $${ansible_bucket}/cluster_manifest.json \\\n      --output /tmp/cluster_manifest.json\n\n      # Get ansible-coreos bootstrap script from S3 bucket\n      curl -XGET -s \\\n      --retry 3 \\\n      --retry-delay 5 \\\n      $${ansible_bucket}/run-ansible-container.sh \\\n      --output /tmp/run-ansible-container.sh\n\n      declare -r docker_image=$$(bash /root/parse_manifest.sh | sed 's/\"//g')\n      bash -vx /root/pam_workaround.sh\n      bash -vx /tmp/run-ansible-container.sh $${docker_image}\n\n      exit 0\n\n# MASTER_EIP_ALLOC and ELB_NAME are passed from Terraform\n#MASTER_EIP_ALLOC:${MASTER_EIP_ALLOC}\n",
                            "vars.%": "7",
                            "vars.ANSIBLE_BUCKET": "https://s3-us-west-2.amazonaws.com/jive-ansible-coreos-jive-infra-prod-usw2",
                            "vars.COREOS_AUTHKEY": "ssh-rsa AAAAB3NzaC1yc2EAAAADAQABAAABAQC8ySlaJtmWpLQ3LPx/S5pO/0Tf7BJBAn0t5R6sEKoTZDayGsIrrQ2mye8OHCkuPk7G+TNsdjYyY+v4KQY3NmHfT7vLecMWlfXoIwAIgZ1+9SdJcNRLkvq7c5thpTAGA1i6jF1RDybYjlRGv5cTr9TKBwkykYCilj4qn7q046Bqhf/7/vDndK1t1MKrF16DTFTnXnDkyspYuxDdsFs6UXL2SLzuPBpDskY909MR836q74zfmwzbVffJiTVu5Li01OHZXXVXJmRE0zyYEQvf69T40W9G6HRjOYsdmx/rjxEFfWYAabADUwFrR+791YngKmg72ywRMnZzS+B1i1EtLPxP",
                            "vars.DOCKER_REGISTRY": "10.160.4.127 docker.phx1.jivehosted.com",
                            "vars.ELB_NAME": "prod-jcx-k8s-master-elb",
                            "vars.KubernetesCluster": "us-west-2_jive-microservices-prod-jcx",
                            "vars.MASTER_EIP_ALLOC": "eipalloc-2e9c2a49",
                            "vars.PHX_PULP": "10.160.70.25 pulp-slave"
                        },
                        "meta": {},
                        "tainted": false
                    },
                    "deposed": [],
                    "provider": ""
                },
                "null_resource.k8s_cluster": {
                    "type": "null_resource",
                    "depends_on": [],
                    "primary": {
                        "id": "2355736345186168919",
                        "attributes": {
                            "id": "2355736345186168919",
                            "triggers.%": "1",
                            "triggers.name": "us-west-2_jive-microservices-prod-jcx"
                        },
                        "meta": {},
                        "tainted": false
                    },
                    "deposed": [],
                    "provider": ""
                }
            },
            "depends_on": []
        }
    ]
}
