{
    "version": 3,
    "terraform_version": "0.9.2",
    "serial": 7,
    "lineage": "3be88237-2b2d-49dc-a602-c79e73702270",
    "modules": [
        {
            "path": [
                "root"
            ],
            "outputs": {},
            "resources": {
                "aws_eip.natgw.0": {
                    "type": "aws_eip",
                    "depends_on": [],
                    "primary": {
                        "id": "eipalloc-bf7219d6",
                        "attributes": {
                            "association_id": "eipassoc-01cfad6a",
                            "domain": "vpc",
                            "id": "eipalloc-bf7219d6",
                            "instance": "",
                            "network_interface": "eni-c4c969ab",
                            "private_ip": "10.114.247.29",
                            "public_ip": "35.157.45.14",
                            "vpc": "true"
                        },
                        "meta": {},
                        "tainted": false
                    },
                    "deposed": [],
                    "provider": ""
                },
                "aws_eip.natgw.1": {
                    "type": "aws_eip",
                    "depends_on": [],
                    "primary": {
                        "id": "eipalloc-43cd852a",
                        "attributes": {
                            "association_id": "eipassoc-84cdafef",
                            "domain": "vpc",
                            "id": "eipalloc-43cd852a",
                            "instance": "",
                            "network_interface": "eni-149ebf6a",
                            "private_ip": "10.114.247.46",
                            "public_ip": "52.59.96.34",
                            "vpc": "true"
                        },
                        "meta": {},
                        "tainted": false
                    },
                    "deposed": [],
                    "provider": ""
                },
                "aws_internet_gateway.igw": {
                    "type": "aws_internet_gateway",
                    "depends_on": [
                        "aws_vpc.main"
                    ],
                    "primary": {
                        "id": "igw-b9bb9fd0",
                        "attributes": {
                            "id": "igw-b9bb9fd0",
                            "tags.%": "5",
                            "tags.Name": "test-igw",
                            "tags.account_name": "jive-reco-pipeline",
                            "tags.pipeline_phase": "test",
                            "tags.region": "eu-central-1",
                            "tags.sla": "non-prod",
                            "vpc_id": "vpc-6367bb0b"
                        },
                        "meta": {},
                        "tainted": false
                    },
                    "deposed": [],
                    "provider": ""
                },
                "aws_nat_gateway.natgw.0": {
                    "type": "aws_nat_gateway",
                    "depends_on": [
                        "aws_eip.natgw.*",
                        "aws_internet_gateway.igw",
                        "aws_subnet.public.*"
                    ],
                    "primary": {
                        "id": "nat-0b1681ca5c53cdd50",
                        "attributes": {
                            "allocation_id": "eipalloc-bf7219d6",
                            "id": "nat-0b1681ca5c53cdd50",
                            "network_interface_id": "eni-c4c969ab",
                            "private_ip": "10.114.247.29",
                            "public_ip": "35.157.45.14",
                            "subnet_id": "subnet-839e02eb"
                        },
                        "meta": {},
                        "tainted": false
                    },
                    "deposed": [],
                    "provider": ""
                },
                "aws_nat_gateway.natgw.1": {
                    "type": "aws_nat_gateway",
                    "depends_on": [
                        "aws_eip.natgw.*",
                        "aws_internet_gateway.igw",
                        "aws_subnet.public.*"
                    ],
                    "primary": {
                        "id": "nat-0906023d719319fbb",
                        "attributes": {
                            "allocation_id": "eipalloc-43cd852a",
                            "id": "nat-0906023d719319fbb",
                            "network_interface_id": "eni-149ebf6a",
                            "private_ip": "10.114.247.46",
                            "public_ip": "52.59.96.34",
                            "subnet_id": "subnet-24fc5d5e"
                        },
                        "meta": {},
                        "tainted": false
                    },
                    "deposed": [],
                    "provider": ""
                },
                "aws_route.bastion_natdc.0": {
                    "type": "aws_route",
                    "depends_on": [
                        "aws_route_table.natdc.*",
                        "aws_vpc_peering_connection.infra"
                    ],
                    "primary": {
                        "id": "r-rtb-ae43c4c62870499430",
                        "attributes": {
                            "destination_cidr_block": "10.127.78.7/32",
                            "destination_prefix_list_id": "",
                            "egress_only_gateway_id": "",
                            "gateway_id": "",
                            "id": "r-rtb-ae43c4c62870499430",
                            "instance_id": "",
                            "instance_owner_id": "",
                            "nat_gateway_id": "",
                            "network_interface_id": "",
                            "origin": "CreateRoute",
                            "route_table_id": "rtb-ae43c4c6",
                            "state": "active",
                            "vpc_peering_connection_id": "pcx-2588504c"
                        },
                        "meta": {},
                        "tainted": false
                    },
                    "deposed": [],
                    "provider": ""
                },
                "aws_route.bastion_natdc.1": {
                    "type": "aws_route",
                    "depends_on": [
                        "aws_route_table.natdc.*",
                        "aws_vpc_peering_connection.infra"
                    ],
                    "primary": {
                        "id": "r-rtb-02edaa6a2870499430",
                        "attributes": {
                            "destination_cidr_block": "10.127.78.7/32",
                            "destination_prefix_list_id": "",
                            "egress_only_gateway_id": "",
                            "gateway_id": "",
                            "id": "r-rtb-02edaa6a2870499430",
                            "instance_id": "",
                            "instance_owner_id": "",
                            "nat_gateway_id": "",
                            "network_interface_id": "",
                            "origin": "CreateRoute",
                            "route_table_id": "rtb-02edaa6a",
                            "state": "active",
                            "vpc_peering_connection_id": "pcx-2588504c"
                        },
                        "meta": {},
                        "tainted": false
                    },
                    "deposed": [],
                    "provider": ""
                },
                "aws_route.bastion_private": {
                    "type": "aws_route",
                    "depends_on": [
                        "aws_route_table.private",
                        "aws_vpc_peering_connection.infra"
                    ],
                    "primary": {
                        "id": "r-rtb-b244c3da2870499430",
                        "attributes": {
                            "destination_cidr_block": "10.127.78.7/32",
                            "destination_prefix_list_id": "",
                            "egress_only_gateway_id": "",
                            "gateway_id": "",
                            "id": "r-rtb-b244c3da2870499430",
                            "instance_id": "",
                            "instance_owner_id": "",
                            "nat_gateway_id": "",
                            "network_interface_id": "",
                            "origin": "CreateRoute",
                            "route_table_id": "rtb-b244c3da",
                            "state": "active",
                            "vpc_peering_connection_id": "pcx-2588504c"
                        },
                        "meta": {},
                        "tainted": false
                    },
                    "deposed": [],
                    "provider": ""
                },
                "aws_route.bastion_public": {
                    "type": "aws_route",
                    "depends_on": [
                        "aws_route_table.public",
                        "aws_vpc_peering_connection.infra"
                    ],
                    "primary": {
                        "id": "r-rtb-b644c3de2870499430",
                        "attributes": {
                            "destination_cidr_block": "10.127.78.7/32",
                            "destination_prefix_list_id": "",
                            "egress_only_gateway_id": "",
                            "gateway_id": "",
                            "id": "r-rtb-b644c3de2870499430",
                            "instance_id": "",
                            "instance_owner_id": "",
                            "nat_gateway_id": "",
                            "network_interface_id": "",
                            "origin": "CreateRoute",
                            "route_table_id": "rtb-b644c3de",
                            "state": "active",
                            "vpc_peering_connection_id": "pcx-2588504c"
                        },
                        "meta": {},
                        "tainted": false
                    },
                    "deposed": [],
                    "provider": ""
                },
                "aws_route.data_natdc.0": {
                    "type": "aws_route",
                    "depends_on": [
                        "aws_route_table.natdc.*"
                    ],
                    "primary": {
                        "id": "r-rtb-ae43c4c61888514847",
                        "attributes": {
                            "destination_cidr_block": "10.114.100.0/22",
                            "destination_prefix_list_id": "",
                            "egress_only_gateway_id": "",
                            "gateway_id": "",
                            "id": "r-rtb-ae43c4c61888514847",
                            "instance_id": "",
                            "instance_owner_id": "",
                            "nat_gateway_id": "",
                            "network_interface_id": "",
                            "origin": "CreateRoute",
                            "route_table_id": "rtb-ae43c4c6",
                            "state": "active",
                            "vpc_peering_connection_id": "pcx-29a87040"
                        },
                        "meta": {},
                        "tainted": false
                    },
                    "deposed": [],
                    "provider": ""
                },
                "aws_route.data_natdc.1": {
                    "type": "aws_route",
                    "depends_on": [
                        "aws_route_table.natdc.*"
                    ],
                    "primary": {
                        "id": "r-rtb-02edaa6a1888514847",
                        "attributes": {
                            "destination_cidr_block": "10.114.100.0/22",
                            "destination_prefix_list_id": "",
                            "egress_only_gateway_id": "",
                            "gateway_id": "",
                            "id": "r-rtb-02edaa6a1888514847",
                            "instance_id": "",
                            "instance_owner_id": "",
                            "nat_gateway_id": "",
                            "network_interface_id": "",
                            "origin": "CreateRoute",
                            "route_table_id": "rtb-02edaa6a",
                            "state": "active",
                            "vpc_peering_connection_id": "pcx-29a87040"
                        },
                        "meta": {},
                        "tainted": false
                    },
                    "deposed": [],
                    "provider": ""
                },
                "aws_route.data_private": {
                    "type": "aws_route",
                    "depends_on": [
                        "aws_route_table.private"
                    ],
                    "primary": {
                        "id": "r-rtb-b244c3da1888514847",
                        "attributes": {
                            "destination_cidr_block": "10.114.100.0/22",
                            "destination_prefix_list_id": "",
                            "egress_only_gateway_id": "",
                            "gateway_id": "",
                            "id": "r-rtb-b244c3da1888514847",
                            "instance_id": "",
                            "instance_owner_id": "",
                            "nat_gateway_id": "",
                            "network_interface_id": "",
                            "origin": "CreateRoute",
                            "route_table_id": "rtb-b244c3da",
                            "state": "active",
                            "vpc_peering_connection_id": "pcx-29a87040"
                        },
                        "meta": {},
                        "tainted": false
                    },
                    "deposed": [],
                    "provider": ""
                },
                "aws_route.data_public": {
                    "type": "aws_route",
                    "depends_on": [
                        "aws_route_table.public"
                    ],
                    "primary": {
                        "id": "r-rtb-b644c3de1888514847",
                        "attributes": {
                            "destination_cidr_block": "10.114.100.0/22",
                            "destination_prefix_list_id": "",
                            "egress_only_gateway_id": "",
                            "gateway_id": "",
                            "id": "r-rtb-b644c3de1888514847",
                            "instance_id": "",
                            "instance_owner_id": "",
                            "nat_gateway_id": "",
                            "network_interface_id": "",
                            "origin": "CreateRoute",
                            "route_table_id": "rtb-b644c3de",
                            "state": "active",
                            "vpc_peering_connection_id": "pcx-29a87040"
                        },
                        "meta": {},
                        "tainted": false
                    },
                    "deposed": [],
                    "provider": ""
                },
                "aws_route.infra_natdc.0": {
                    "type": "aws_route",
                    "depends_on": [
                        "aws_vpc_peering_connection.infra"
                    ],
                    "primary": {
                        "id": "r-rtb-9e2e95f62445349625",
                        "attributes": {
                            "destination_cidr_block": "10.114.244.0/22",
                            "destination_prefix_list_id": "",
                            "egress_only_gateway_id": "",
                            "gateway_id": "",
                            "id": "r-rtb-9e2e95f62445349625",
                            "instance_id": "",
                            "instance_owner_id": "",
                            "nat_gateway_id": "",
                            "network_interface_id": "",
                            "origin": "CreateRoute",
                            "route_table_id": "rtb-9e2e95f6",
                            "state": "active",
                            "vpc_peering_connection_id": "pcx-2588504c"
                        },
                        "meta": {},
                        "tainted": false
                    },
                    "deposed": [],
                    "provider": ""
                },
                "aws_route.infra_natdc.1": {
                    "type": "aws_route",
                    "depends_on": [
                        "aws_vpc_peering_connection.infra"
                    ],
                    "primary": {
                        "id": "r-rtb-9ceea9f42445349625",
                        "attributes": {
                            "destination_cidr_block": "10.114.244.0/22",
                            "destination_prefix_list_id": "",
                            "egress_only_gateway_id": "",
                            "gateway_id": "",
                            "id": "r-rtb-9ceea9f42445349625",
                            "instance_id": "",
                            "instance_owner_id": "",
                            "nat_gateway_id": "",
                            "network_interface_id": "",
                            "origin": "CreateRoute",
                            "route_table_id": "rtb-9ceea9f4",
                            "state": "active",
                            "vpc_peering_connection_id": "pcx-2588504c"
                        },
                        "meta": {},
                        "tainted": false
                    },
                    "deposed": [],
                    "provider": ""
                },
                "aws_route.infra_private": {
                    "type": "aws_route",
                    "depends_on": [
                        "aws_vpc_peering_connection.infra"
                    ],
                    "primary": {
                        "id": "r-rtb-ac2e95c42445349625",
                        "attributes": {
                            "destination_cidr_block": "10.114.244.0/22",
                            "destination_prefix_list_id": "",
                            "egress_only_gateway_id": "",
                            "gateway_id": "",
                            "id": "r-rtb-ac2e95c42445349625",
                            "instance_id": "",
                            "instance_owner_id": "",
                            "nat_gateway_id": "",
                            "network_interface_id": "",
                            "origin": "CreateRoute",
                            "route_table_id": "rtb-ac2e95c4",
                            "state": "active",
                            "vpc_peering_connection_id": "pcx-2588504c"
                        },
                        "meta": {},
                        "tainted": false
                    },
                    "deposed": [],
                    "provider": ""
                },
                "aws_route.infra_public": {
                    "type": "aws_route",
                    "depends_on": [
                        "aws_vpc_peering_connection.infra"
                    ],
                    "primary": {
                        "id": "r-rtb-a02e95c82445349625",
                        "attributes": {
                            "destination_cidr_block": "10.114.244.0/22",
                            "destination_prefix_list_id": "",
                            "egress_only_gateway_id": "",
                            "gateway_id": "",
                            "id": "r-rtb-a02e95c82445349625",
                            "instance_id": "",
                            "instance_owner_id": "",
                            "nat_gateway_id": "",
                            "network_interface_id": "",
                            "origin": "CreateRoute",
                            "route_table_id": "rtb-a02e95c8",
                            "state": "active",
                            "vpc_peering_connection_id": "pcx-2588504c"
                        },
                        "meta": {},
                        "tainted": false
                    },
                    "deposed": [],
                    "provider": ""
                },
                "aws_route.microservices_jcx_natdc.0": {
                    "type": "aws_route",
                    "depends_on": [
                        "aws_route_table.natdc.*"
                    ],
                    "primary": {
                        "id": "r-rtb-ae43c4c62017802059",
                        "attributes": {
                            "destination_cidr_block": "10.126.128.0/20",
                            "destination_prefix_list_id": "",
                            "egress_only_gateway_id": "",
                            "gateway_id": "",
                            "id": "r-rtb-ae43c4c62017802059",
                            "instance_id": "",
                            "instance_owner_id": "",
                            "nat_gateway_id": "",
                            "network_interface_id": "",
                            "origin": "CreateRoute",
                            "route_table_id": "rtb-ae43c4c6",
                            "state": "active",
                            "vpc_peering_connection_id": "pcx-6389510a"
                        },
                        "meta": {},
                        "tainted": false
                    },
                    "deposed": [],
                    "provider": ""
                },
                "aws_route.microservices_jcx_natdc.1": {
                    "type": "aws_route",
                    "depends_on": [
                        "aws_route_table.natdc.*"
                    ],
                    "primary": {
                        "id": "r-rtb-02edaa6a2017802059",
                        "attributes": {
                            "destination_cidr_block": "10.126.128.0/20",
                            "destination_prefix_list_id": "",
                            "egress_only_gateway_id": "",
                            "gateway_id": "",
                            "id": "r-rtb-02edaa6a2017802059",
                            "instance_id": "",
                            "instance_owner_id": "",
                            "nat_gateway_id": "",
                            "network_interface_id": "",
                            "origin": "CreateRoute",
                            "route_table_id": "rtb-02edaa6a",
                            "state": "active",
                            "vpc_peering_connection_id": "pcx-6389510a"
                        },
                        "meta": {},
                        "tainted": false
                    },
                    "deposed": [],
                    "provider": ""
                },
                "aws_route.microservices_jcx_private": {
                    "type": "aws_route",
                    "depends_on": [
                        "aws_route_table.private"
                    ],
                    "primary": {
                        "id": "r-rtb-b244c3da2017802059",
                        "attributes": {
                            "destination_cidr_block": "10.126.128.0/20",
                            "destination_prefix_list_id": "",
                            "egress_only_gateway_id": "",
                            "gateway_id": "",
                            "id": "r-rtb-b244c3da2017802059",
                            "instance_id": "",
                            "instance_owner_id": "",
                            "nat_gateway_id": "",
                            "network_interface_id": "",
                            "origin": "CreateRoute",
                            "route_table_id": "rtb-b244c3da",
                            "state": "active",
                            "vpc_peering_connection_id": "pcx-6389510a"
                        },
                        "meta": {},
                        "tainted": false
                    },
                    "deposed": [],
                    "provider": ""
                },
                "aws_route.microservices_jcx_public": {
                    "type": "aws_route",
                    "depends_on": [
                        "aws_route_table.public"
                    ],
                    "primary": {
                        "id": "r-rtb-b644c3de2017802059",
                        "attributes": {
                            "destination_cidr_block": "10.126.128.0/20",
                            "destination_prefix_list_id": "",
                            "egress_only_gateway_id": "",
                            "gateway_id": "",
                            "id": "r-rtb-b644c3de2017802059",
                            "instance_id": "",
                            "instance_owner_id": "",
                            "nat_gateway_id": "",
                            "network_interface_id": "",
                            "origin": "CreateRoute",
                            "route_table_id": "rtb-b644c3de",
                            "state": "active",
                            "vpc_peering_connection_id": "pcx-6389510a"
                        },
                        "meta": {},
                        "tainted": false
                    },
                    "deposed": [],
                    "provider": ""
                },
                "aws_route.microservices_natdc.0": {
                    "type": "aws_route",
                    "depends_on": [
                        "aws_route_table.natdc.*"
                    ],
                    "primary": {
                        "id": "r-rtb-ae43c4c64047533110",
                        "attributes": {
                            "destination_cidr_block": "10.114.144.0/20",
                            "destination_prefix_list_id": "",
                            "egress_only_gateway_id": "",
                            "gateway_id": "",
                            "id": "r-rtb-ae43c4c64047533110",
                            "instance_id": "",
                            "instance_owner_id": "",
                            "nat_gateway_id": "",
                            "network_interface_id": "",
                            "origin": "CreateRoute",
                            "route_table_id": "rtb-ae43c4c6",
                            "state": "active",
                            "vpc_peering_connection_id": "pcx-6589510c"
                        },
                        "meta": {},
                        "tainted": false
                    },
                    "deposed": [],
                    "provider": ""
                },
                "aws_route.microservices_natdc.1": {
                    "type": "aws_route",
                    "depends_on": [
                        "aws_route_table.natdc.*"
                    ],
                    "primary": {
                        "id": "r-rtb-02edaa6a4047533110",
                        "attributes": {
                            "destination_cidr_block": "10.114.144.0/20",
                            "destination_prefix_list_id": "",
                            "egress_only_gateway_id": "",
                            "gateway_id": "",
                            "id": "r-rtb-02edaa6a4047533110",
                            "instance_id": "",
                            "instance_owner_id": "",
                            "nat_gateway_id": "",
                            "network_interface_id": "",
                            "origin": "CreateRoute",
                            "route_table_id": "rtb-02edaa6a",
                            "state": "active",
                            "vpc_peering_connection_id": "pcx-6589510c"
                        },
                        "meta": {},
                        "tainted": false
                    },
                    "deposed": [],
                    "provider": ""
                },
                "aws_route.microservices_private": {
                    "type": "aws_route",
                    "depends_on": [
                        "aws_route_table.private"
                    ],
                    "primary": {
                        "id": "r-rtb-b244c3da4047533110",
                        "attributes": {
                            "destination_cidr_block": "10.114.144.0/20",
                            "destination_prefix_list_id": "",
                            "egress_only_gateway_id": "",
                            "gateway_id": "",
                            "id": "r-rtb-b244c3da4047533110",
                            "instance_id": "",
                            "instance_owner_id": "",
                            "nat_gateway_id": "",
                            "network_interface_id": "",
                            "origin": "CreateRoute",
                            "route_table_id": "rtb-b244c3da",
                            "state": "active",
                            "vpc_peering_connection_id": "pcx-6589510c"
                        },
                        "meta": {},
                        "tainted": false
                    },
                    "deposed": [],
                    "provider": ""
                },
                "aws_route.microservices_public": {
                    "type": "aws_route",
                    "depends_on": [
                        "aws_route_table.public"
                    ],
                    "primary": {
                        "id": "r-rtb-b644c3de4047533110",
                        "attributes": {
                            "destination_cidr_block": "10.114.144.0/20",
                            "destination_prefix_list_id": "",
                            "egress_only_gateway_id": "",
                            "gateway_id": "",
                            "id": "r-rtb-b644c3de4047533110",
                            "instance_id": "",
                            "instance_owner_id": "",
                            "nat_gateway_id": "",
                            "network_interface_id": "",
                            "origin": "CreateRoute",
                            "route_table_id": "rtb-b644c3de",
                            "state": "active",
                            "vpc_peering_connection_id": "pcx-6589510c"
                        },
                        "meta": {},
                        "tainted": false
                    },
                    "deposed": [],
                    "provider": ""
                },
                "aws_route53_zone_association.route53": {
                    "type": "aws_route53_zone_association",
                    "depends_on": [
                        "aws_vpc.main"
                    ],
                    "primary": {
                        "id": "Z17UOFXP4LI2IE:vpc-6367bb0b",
                        "attributes": {
                            "id": "Z17UOFXP4LI2IE:vpc-6367bb0b",
                            "vpc_id": "vpc-6367bb0b",
                            "vpc_region": "eu-central-1",
                            "zone_id": "Z17UOFXP4LI2IE"
                        },
                        "meta": {},
                        "tainted": false
                    },
                    "deposed": [],
                    "provider": ""
                },
                "aws_route_table.natdc.0": {
                    "type": "aws_route_table",
                    "depends_on": [
                        "aws_nat_gateway.natgw",
                        "aws_vpc.main",
                        "aws_vpn_gateway.vgw"
                    ],
                    "primary": {
                        "id": "rtb-ae43c4c6",
                        "attributes": {
                            "id": "rtb-ae43c4c6",
                            "propagating_vgws.#": "1",
                            "propagating_vgws.2924320255": "vgw-084ec138",
                            "route.#": "5",
                            "route.2979378107.cidr_block": "10.114.100.0/22",
                            "route.2979378107.egress_only_gateway_id": "",
                            "route.2979378107.gateway_id": "",
                            "route.2979378107.instance_id": "",
                            "route.2979378107.ipv6_cidr_block": "",
                            "route.2979378107.nat_gateway_id": "",
                            "route.2979378107.network_interface_id": "",
                            "route.2979378107.vpc_peering_connection_id": "pcx-29a87040",
                            "route.3383774548.cidr_block": "10.127.78.7/32",
                            "route.3383774548.egress_only_gateway_id": "",
                            "route.3383774548.gateway_id": "",
                            "route.3383774548.instance_id": "",
                            "route.3383774548.ipv6_cidr_block": "",
                            "route.3383774548.nat_gateway_id": "",
                            "route.3383774548.network_interface_id": "",
                            "route.3383774548.vpc_peering_connection_id": "pcx-2588504c",
                            "route.3588931224.cidr_block": "0.0.0.0/0",
                            "route.3588931224.egress_only_gateway_id": "",
                            "route.3588931224.gateway_id": "",
                            "route.3588931224.instance_id": "",
                            "route.3588931224.ipv6_cidr_block": "",
                            "route.3588931224.nat_gateway_id": "nat-0906023d719319fbb",
                            "route.3588931224.network_interface_id": "",
                            "route.3588931224.vpc_peering_connection_id": "",
                            "route.584783977.cidr_block": "10.126.128.0/20",
                            "route.584783977.egress_only_gateway_id": "",
                            "route.584783977.gateway_id": "",
                            "route.584783977.instance_id": "",
                            "route.584783977.ipv6_cidr_block": "",
                            "route.584783977.nat_gateway_id": "",
                            "route.584783977.network_interface_id": "",
                            "route.584783977.vpc_peering_connection_id": "pcx-6389510a",
                            "route.948119072.cidr_block": "10.114.144.0/20",
                            "route.948119072.egress_only_gateway_id": "",
                            "route.948119072.gateway_id": "",
                            "route.948119072.instance_id": "",
                            "route.948119072.ipv6_cidr_block": "",
                            "route.948119072.nat_gateway_id": "",
                            "route.948119072.network_interface_id": "",
                            "route.948119072.vpc_peering_connection_id": "pcx-6589510c",
                            "tags.%": "5",
                            "tags.Name": "test-natdc-routetable",
                            "tags.account_name": "jive-reco-pipeline",
                            "tags.pipeline_phase": "test",
                            "tags.region": "eu-central-1",
                            "tags.sla": "non-prod",
                            "vpc_id": "vpc-6367bb0b"
                        },
                        "meta": {},
                        "tainted": false
                    },
                    "deposed": [],
                    "provider": ""
                },
                "aws_route_table.natdc.1": {
                    "type": "aws_route_table",
                    "depends_on": [
                        "aws_nat_gateway.natgw.*",
                        "aws_vpc.main",
                        "aws_vpn_gateway.vgw"
                    ],
                    "primary": {
                        "id": "rtb-02edaa6a",
                        "attributes": {
                            "id": "rtb-02edaa6a",
                            "propagating_vgws.#": "1",
                            "propagating_vgws.2924320255": "vgw-084ec138",
                            "route.#": "5",
                            "route.2979378107.cidr_block": "10.114.100.0/22",
                            "route.2979378107.egress_only_gateway_id": "",
                            "route.2979378107.gateway_id": "",
                            "route.2979378107.instance_id": "",
                            "route.2979378107.ipv6_cidr_block": "",
                            "route.2979378107.nat_gateway_id": "",
                            "route.2979378107.network_interface_id": "",
                            "route.2979378107.vpc_peering_connection_id": "pcx-29a87040",
                            "route.3383774548.cidr_block": "10.127.78.7/32",
                            "route.3383774548.egress_only_gateway_id": "",
                            "route.3383774548.gateway_id": "",
                            "route.3383774548.instance_id": "",
                            "route.3383774548.ipv6_cidr_block": "",
                            "route.3383774548.nat_gateway_id": "",
                            "route.3383774548.network_interface_id": "",
                            "route.3383774548.vpc_peering_connection_id": "pcx-2588504c",
                            "route.3588931224.cidr_block": "0.0.0.0/0",
                            "route.3588931224.egress_only_gateway_id": "",
                            "route.3588931224.gateway_id": "",
                            "route.3588931224.instance_id": "",
                            "route.3588931224.ipv6_cidr_block": "",
                            "route.3588931224.nat_gateway_id": "nat-0906023d719319fbb",
                            "route.3588931224.network_interface_id": "",
                            "route.3588931224.vpc_peering_connection_id": "",
                            "route.584783977.cidr_block": "10.126.128.0/20",
                            "route.584783977.egress_only_gateway_id": "",
                            "route.584783977.gateway_id": "",
                            "route.584783977.instance_id": "",
                            "route.584783977.ipv6_cidr_block": "",
                            "route.584783977.nat_gateway_id": "",
                            "route.584783977.network_interface_id": "",
                            "route.584783977.vpc_peering_connection_id": "pcx-6389510a",
                            "route.948119072.cidr_block": "10.114.144.0/20",
                            "route.948119072.egress_only_gateway_id": "",
                            "route.948119072.gateway_id": "",
                            "route.948119072.instance_id": "",
                            "route.948119072.ipv6_cidr_block": "",
                            "route.948119072.nat_gateway_id": "",
                            "route.948119072.network_interface_id": "",
                            "route.948119072.vpc_peering_connection_id": "pcx-6589510c",
                            "tags.%": "5",
                            "tags.Name": "test-natdc-routetable",
                            "tags.account_name": "jive-reco-pipeline",
                            "tags.pipeline_phase": "test",
                            "tags.region": "eu-central-1",
                            "tags.sla": "non-prod",
                            "vpc_id": "vpc-6367bb0b"
                        },
                        "meta": {},
                        "tainted": false
                    },
                    "deposed": [],
                    "provider": ""
                },
                "aws_route_table.private": {
                    "type": "aws_route_table",
                    "depends_on": [
                        "aws_vpc.main"
                    ],
                    "primary": {
                        "id": "rtb-b244c3da",
                        "attributes": {
                            "id": "rtb-b244c3da",
                            "propagating_vgws.#": "0",
                            "route.#": "4",
                            "route.2979378107.cidr_block": "10.114.100.0/22",
                            "route.2979378107.egress_only_gateway_id": "",
                            "route.2979378107.gateway_id": "",
                            "route.2979378107.instance_id": "",
                            "route.2979378107.ipv6_cidr_block": "",
                            "route.2979378107.nat_gateway_id": "",
                            "route.2979378107.network_interface_id": "",
                            "route.2979378107.vpc_peering_connection_id": "pcx-29a87040",
                            "route.3383774548.cidr_block": "10.127.78.7/32",
                            "route.3383774548.egress_only_gateway_id": "",
                            "route.3383774548.gateway_id": "",
                            "route.3383774548.instance_id": "",
                            "route.3383774548.ipv6_cidr_block": "",
                            "route.3383774548.nat_gateway_id": "",
                            "route.3383774548.network_interface_id": "",
                            "route.3383774548.vpc_peering_connection_id": "pcx-2588504c",
                            "route.584783977.cidr_block": "10.126.128.0/20",
                            "route.584783977.egress_only_gateway_id": "",
                            "route.584783977.gateway_id": "",
                            "route.584783977.instance_id": "",
                            "route.584783977.ipv6_cidr_block": "",
                            "route.584783977.nat_gateway_id": "",
                            "route.584783977.network_interface_id": "",
                            "route.584783977.vpc_peering_connection_id": "pcx-6389510a",
                            "route.948119072.cidr_block": "10.114.144.0/20",
                            "route.948119072.egress_only_gateway_id": "",
                            "route.948119072.gateway_id": "",
                            "route.948119072.instance_id": "",
                            "route.948119072.ipv6_cidr_block": "",
                            "route.948119072.nat_gateway_id": "",
                            "route.948119072.network_interface_id": "",
                            "route.948119072.vpc_peering_connection_id": "pcx-6589510c",
                            "tags.%": "5",
                            "tags.Name": "test-private-routetable",
                            "tags.account_name": "jive-reco-pipeline",
                            "tags.pipeline_phase": "test",
                            "tags.region": "eu-central-1",
                            "tags.sla": "non-prod",
                            "vpc_id": "vpc-6367bb0b"
                        },
                        "meta": {},
                        "tainted": false
                    },
                    "deposed": [],
                    "provider": ""
                },
                "aws_route_table.public": {
                    "type": "aws_route_table",
                    "depends_on": [
                        "aws_internet_gateway.igw",
                        "aws_vpc.main"
                    ],
                    "primary": {
                        "id": "rtb-b644c3de",
                        "attributes": {
                            "id": "rtb-b644c3de",
                            "propagating_vgws.#": "0",
                            "route.#": "5",
                            "route.2979378107.cidr_block": "10.114.100.0/22",
                            "route.2979378107.egress_only_gateway_id": "",
                            "route.2979378107.gateway_id": "",
                            "route.2979378107.instance_id": "",
                            "route.2979378107.ipv6_cidr_block": "",
                            "route.2979378107.nat_gateway_id": "",
                            "route.2979378107.network_interface_id": "",
                            "route.2979378107.vpc_peering_connection_id": "pcx-29a87040",
                            "route.3383774548.cidr_block": "10.127.78.7/32",
                            "route.3383774548.egress_only_gateway_id": "",
                            "route.3383774548.gateway_id": "",
                            "route.3383774548.instance_id": "",
                            "route.3383774548.ipv6_cidr_block": "",
                            "route.3383774548.nat_gateway_id": "",
                            "route.3383774548.network_interface_id": "",
                            "route.3383774548.vpc_peering_connection_id": "pcx-2588504c",
                            "route.4240576296.cidr_block": "0.0.0.0/0",
                            "route.4240576296.egress_only_gateway_id": "",
                            "route.4240576296.gateway_id": "igw-b9bb9fd0",
                            "route.4240576296.instance_id": "",
                            "route.4240576296.ipv6_cidr_block": "",
                            "route.4240576296.nat_gateway_id": "",
                            "route.4240576296.network_interface_id": "",
                            "route.4240576296.vpc_peering_connection_id": "",
                            "route.584783977.cidr_block": "10.126.128.0/20",
                            "route.584783977.egress_only_gateway_id": "",
                            "route.584783977.gateway_id": "",
                            "route.584783977.instance_id": "",
                            "route.584783977.ipv6_cidr_block": "",
                            "route.584783977.nat_gateway_id": "",
                            "route.584783977.network_interface_id": "",
                            "route.584783977.vpc_peering_connection_id": "pcx-6389510a",
                            "route.948119072.cidr_block": "10.114.144.0/20",
                            "route.948119072.egress_only_gateway_id": "",
                            "route.948119072.gateway_id": "",
                            "route.948119072.instance_id": "",
                            "route.948119072.ipv6_cidr_block": "",
                            "route.948119072.nat_gateway_id": "",
                            "route.948119072.network_interface_id": "",
                            "route.948119072.vpc_peering_connection_id": "pcx-6589510c",
                            "tags.%": "6",
                            "tags.KubernetesCluster": "eu-central-1_jive-reco-pipeline",
                            "tags.Name": "test-public-routetable",
                            "tags.account_name": "jive-reco-pipeline",
                            "tags.pipeline_phase": "test",
                            "tags.region": "eu-central-1",
                            "tags.sla": "non-prod",
                            "vpc_id": "vpc-6367bb0b"
                        },
                        "meta": {},
                        "tainted": false
                    },
                    "deposed": [],
                    "provider": ""
                },
                "aws_route_table_association.natdc.0": {
                    "type": "aws_route_table_association",
                    "depends_on": [
                        "aws_route_table.natdc.*",
                        "aws_subnet.natdc.*"
                    ],
                    "primary": {
                        "id": "rtbassoc-1683a37e",
                        "attributes": {
                            "id": "rtbassoc-1683a37e",
                            "route_table_id": "rtb-ae43c4c6",
                            "subnet_id": "subnet-20fc5d5a"
                        },
                        "meta": {},
                        "tainted": false
                    },
                    "deposed": [],
                    "provider": ""
                },
                "aws_route_table_association.natdc.1": {
                    "type": "aws_route_table_association",
                    "depends_on": [
                        "aws_route_table.natdc.*",
                        "aws_subnet.natdc.*"
                    ],
                    "primary": {
                        "id": "rtbassoc-ade211c6",
                        "attributes": {
                            "id": "rtbassoc-ade211c6",
                            "route_table_id": "rtb-02edaa6a",
                            "subnet_id": "subnet-8d9e02e5"
                        },
                        "meta": {},
                        "tainted": false
                    },
                    "deposed": [],
                    "provider": ""
                },
                "aws_route_table_association.private.0": {
                    "type": "aws_route_table_association",
                    "depends_on": [
                        "aws_route_table.private",
                        "aws_subnet.private"
                    ],
                    "primary": {
                        "id": "rtbassoc-0c82a264",
                        "attributes": {
                            "id": "rtbassoc-0c82a264",
                            "route_table_id": "rtb-b244c3da",
                            "subnet_id": "subnet-829e02ea"
                        },
                        "meta": {},
                        "tainted": false
                    },
                    "deposed": [],
                    "provider": ""
                },
                "aws_route_table_association.private.1": {
                    "type": "aws_route_table_association",
                    "depends_on": [
                        "aws_route_table.private",
                        "aws_subnet.private"
                    ],
                    "primary": {
                        "id": "rtbassoc-0d82a265",
                        "attributes": {
                            "id": "rtbassoc-0d82a265",
                            "route_table_id": "rtb-b244c3da",
                            "subnet_id": "subnet-21fc5d5b"
                        },
                        "meta": {},
                        "tainted": false
                    },
                    "deposed": [],
                    "provider": ""
                },
                "aws_route_table_association.public.0": {
                    "type": "aws_route_table_association",
                    "depends_on": [
                        "aws_route_table.public",
                        "aws_subnet.public"
                    ],
                    "primary": {
                        "id": "rtbassoc-0082a268",
                        "attributes": {
                            "id": "rtbassoc-0082a268",
                            "route_table_id": "rtb-b644c3de",
                            "subnet_id": "subnet-839e02eb"
                        },
                        "meta": {},
                        "tainted": false
                    },
                    "deposed": [],
                    "provider": ""
                },
                "aws_route_table_association.public.1": {
                    "type": "aws_route_table_association",
                    "depends_on": [
                        "aws_route_table.public",
                        "aws_subnet.public"
                    ],
                    "primary": {
                        "id": "rtbassoc-0f82a267",
                        "attributes": {
                            "id": "rtbassoc-0f82a267",
                            "route_table_id": "rtb-b644c3de",
                            "subnet_id": "subnet-24fc5d5e"
                        },
                        "meta": {},
                        "tainted": false
                    },
                    "deposed": [],
                    "provider": ""
                },
                "aws_security_group.admin_instance": {
                    "type": "aws_security_group",
                    "depends_on": [
                        "aws_vpc.main"
                    ],
                    "primary": {
                        "id": "sg-e6889c8e",
                        "attributes": {
                            "description": "Admin instances for the VPC",
                            "egress.#": "0",
                            "id": "sg-e6889c8e",
                            "ingress.#": "0",
                            "name": "test-admin-instance",
                            "owner_id": "642745549043",
                            "tags.%": "5",
                            "tags.account_name": "jive-reco-pipeline",
                            "tags.name": "test-admin-instance",
                            "tags.pipeline_phase": "test",
                            "tags.region": "eu-central-1",
                            "tags.sla": "non-prod",
                            "vpc_id": "vpc-6367bb0b"
                        },
                        "meta": {},
                        "tainted": false
                    },
                    "deposed": [],
                    "provider": ""
                },
                "aws_security_group.env_instance": {
                    "type": "aws_security_group",
                    "depends_on": [
                        "aws_security_group.admin_instance",
                        "aws_vpc.main"
                    ],
                    "primary": {
                        "id": "sg-fc889c94",
                        "attributes": {
                            "description": "All instances within the evironment",
                            "egress.#": "1",
                            "egress.482069346.cidr_blocks.#": "1",
                            "egress.482069346.cidr_blocks.0": "0.0.0.0/0",
                            "egress.482069346.from_port": "0",
                            "egress.482069346.ipv6_cidr_blocks.#": "0",
                            "egress.482069346.prefix_list_ids.#": "0",
                            "egress.482069346.protocol": "-1",
                            "egress.482069346.security_groups.#": "0",
                            "egress.482069346.self": "false",
                            "egress.482069346.to_port": "0",
                            "id": "sg-fc889c94",
                            "ingress.#": "4",
                            "ingress.1644310795.cidr_blocks.#": "0",
                            "ingress.1644310795.from_port": "22",
                            "ingress.1644310795.ipv6_cidr_blocks.#": "0",
                            "ingress.1644310795.protocol": "tcp",
                            "ingress.1644310795.security_groups.#": "1",
                            "ingress.1644310795.security_groups.2348244141": "sg-e6889c8e",
                            "ingress.1644310795.self": "false",
                            "ingress.1644310795.to_port": "22",
                            "ingress.179083333.cidr_blocks.#": "1",
                            "ingress.179083333.cidr_blocks.0": "10.0.0.0/8",
                            "ingress.179083333.from_port": "22",
                            "ingress.179083333.ipv6_cidr_blocks.#": "0",
                            "ingress.179083333.protocol": "tcp",
                            "ingress.179083333.security_groups.#": "0",
                            "ingress.179083333.self": "false",
                            "ingress.179083333.to_port": "22",
                            "ingress.3280021429.cidr_blocks.#": "1",
                            "ingress.3280021429.cidr_blocks.0": "10.0.0.0/8",
                            "ingress.3280021429.from_port": "8",
                            "ingress.3280021429.ipv6_cidr_blocks.#": "0",
                            "ingress.3280021429.protocol": "icmp",
                            "ingress.3280021429.security_groups.#": "0",
                            "ingress.3280021429.self": "false",
                            "ingress.3280021429.to_port": "0",
                            "ingress.3749113512.cidr_blocks.#": "0",
                            "ingress.3749113512.from_port": "8",
                            "ingress.3749113512.ipv6_cidr_blocks.#": "0",
                            "ingress.3749113512.protocol": "icmp",
                            "ingress.3749113512.security_groups.#": "1",
                            "ingress.3749113512.security_groups.2348244141": "sg-e6889c8e",
                            "ingress.3749113512.self": "false",
                            "ingress.3749113512.to_port": "0",
                            "name": "test-instance",
                            "owner_id": "642745549043",
                            "tags.%": "5",
                            "tags.account_name": "jive-reco-pipeline",
                            "tags.name": "test-instance",
                            "tags.pipeline_phase": "test",
                            "tags.region": "eu-central-1",
                            "tags.sla": "non-prod",
                            "vpc_id": "vpc-6367bb0b"
                        },
                        "meta": {},
                        "tainted": false
                    },
                    "deposed": [],
                    "provider": ""
                },
                "aws_security_group.natgw_instance": {
                    "type": "aws_security_group",
                    "depends_on": [
                        "aws_security_group.env_instance",
                        "aws_vpc.main"
                    ],
                    "primary": {
                        "id": "sg-f5889c9d",
                        "attributes": {
                            "description": "Members of this SG are allowed to send any type of traffic to the NAT Box.",
                            "egress.#": "0",
                            "id": "sg-f5889c9d",
                            "ingress.#": "1",
                            "ingress.2809154696.cidr_blocks.#": "0",
                            "ingress.2809154696.from_port": "0",
                            "ingress.2809154696.ipv6_cidr_blocks.#": "0",
                            "ingress.2809154696.protocol": "-1",
                            "ingress.2809154696.security_groups.#": "1",
                            "ingress.2809154696.security_groups.1910689149": "sg-fc889c94",
                            "ingress.2809154696.self": "false",
                            "ingress.2809154696.to_port": "0",
                            "name": "test-natgw-instance",
                            "owner_id": "642745549043",
                            "tags.%": "5",
                            "tags.account_name": "jive-reco-pipeline",
                            "tags.name": "test-natgw-instance",
                            "tags.pipeline_phase": "test",
                            "tags.region": "eu-central-1",
                            "tags.sla": "non-prod",
                            "vpc_id": "vpc-6367bb0b"
                        },
                        "meta": {},
                        "tainted": false
                    },
                    "deposed": [],
                    "provider": ""
                },
                "aws_subnet.natdc.0": {
                    "type": "aws_subnet",
                    "depends_on": [
                        "aws_vpc.main"
                    ],
                    "primary": {
                        "id": "subnet-8d9e02e5",
                        "attributes": {
                            "assign_ipv6_address_on_creation": "false",
                            "availability_zone": "eu-central-1a",
                            "cidr_block": "10.114.244.0/24",
                            "id": "subnet-8d9e02e5",
                            "map_public_ip_on_launch": "false",
                            "tags.%": "5",
                            "tags.Name": "test-natdc-subnet",
                            "tags.account_name": "jive-reco-pipeline",
                            "tags.pipeline_phase": "test",
                            "tags.region": "eu-central-1",
                            "tags.sla": "non-prod",
                            "vpc_id": "vpc-6367bb0b"
                        },
                        "meta": {},
                        "tainted": false
                    },
                    "deposed": [],
                    "provider": ""
                },
                "aws_subnet.natdc.1": {
                    "type": "aws_subnet",
                    "depends_on": [
                        "aws_vpc.main"
                    ],
                    "primary": {
                        "id": "subnet-20fc5d5a",
                        "attributes": {
                            "assign_ipv6_address_on_creation": "false",
                            "availability_zone": "eu-central-1b",
                            "cidr_block": "10.114.245.0/24",
                            "id": "subnet-20fc5d5a",
                            "map_public_ip_on_launch": "false",
                            "tags.%": "5",
                            "tags.Name": "test-natdc-subnet",
                            "tags.account_name": "jive-reco-pipeline",
                            "tags.pipeline_phase": "test",
                            "tags.region": "eu-central-1",
                            "tags.sla": "non-prod",
                            "vpc_id": "vpc-6367bb0b"
                        },
                        "meta": {},
                        "tainted": false
                    },
                    "deposed": [],
                    "provider": ""
                },
                "aws_subnet.private.0": {
                    "type": "aws_subnet",
                    "depends_on": [
                        "aws_vpc.main"
                    ],
                    "primary": {
                        "id": "subnet-829e02ea",
                        "attributes": {
                            "assign_ipv6_address_on_creation": "false",
                            "availability_zone": "eu-central-1a",
                            "cidr_block": "10.114.247.96/27",
                            "id": "subnet-829e02ea",
                            "map_public_ip_on_launch": "false",
                            "tags.%": "5",
                            "tags.Name": "test-private-subnet",
                            "tags.account_name": "jive-reco-pipeline",
                            "tags.pipeline_phase": "test",
                            "tags.region": "eu-central-1",
                            "tags.sla": "non-prod",
                            "vpc_id": "vpc-6367bb0b"
                        },
                        "meta": {},
                        "tainted": false
                    },
                    "deposed": [],
                    "provider": ""
                },
                "aws_subnet.private.1": {
                    "type": "aws_subnet",
                    "depends_on": [
                        "aws_vpc.main"
                    ],
                    "primary": {
                        "id": "subnet-21fc5d5b",
                        "attributes": {
                            "assign_ipv6_address_on_creation": "false",
                            "availability_zone": "eu-central-1b",
                            "cidr_block": "10.114.247.128/27",
                            "id": "subnet-21fc5d5b",
                            "map_public_ip_on_launch": "false",
                            "tags.%": "5",
                            "tags.Name": "test-private-subnet",
                            "tags.account_name": "jive-reco-pipeline",
                            "tags.pipeline_phase": "test",
                            "tags.region": "eu-central-1",
                            "tags.sla": "non-prod",
                            "vpc_id": "vpc-6367bb0b"
                        },
                        "meta": {},
                        "tainted": false
                    },
                    "deposed": [],
                    "provider": ""
                },
                "aws_subnet.public.0": {
                    "type": "aws_subnet",
                    "depends_on": [
                        "aws_vpc.main"
                    ],
                    "primary": {
                        "id": "subnet-839e02eb",
                        "attributes": {
                            "assign_ipv6_address_on_creation": "false",
                            "availability_zone": "eu-central-1a",
                            "cidr_block": "10.114.247.0/27",
                            "id": "subnet-839e02eb",
                            "map_public_ip_on_launch": "false",
                            "tags.%": "6",
                            "tags.KubernetesCluster": "eu-central-1_jive-reco-pipeline",
                            "tags.Name": "test-public-subnet",
                            "tags.account_name": "jive-reco-pipeline",
                            "tags.pipeline_phase": "test",
                            "tags.region": "eu-central-1",
                            "tags.sla": "non-prod",
                            "vpc_id": "vpc-6367bb0b"
                        },
                        "meta": {},
                        "tainted": false
                    },
                    "deposed": [],
                    "provider": ""
                },
                "aws_subnet.public.1": {
                    "type": "aws_subnet",
                    "depends_on": [
                        "aws_vpc.main"
                    ],
                    "primary": {
                        "id": "subnet-24fc5d5e",
                        "attributes": {
                            "assign_ipv6_address_on_creation": "false",
                            "availability_zone": "eu-central-1b",
                            "cidr_block": "10.114.247.32/27",
                            "id": "subnet-24fc5d5e",
                            "map_public_ip_on_launch": "false",
                            "tags.%": "6",
                            "tags.KubernetesCluster": "eu-central-1_jive-reco-pipeline",
                            "tags.Name": "test-public-subnet",
                            "tags.account_name": "jive-reco-pipeline",
                            "tags.pipeline_phase": "test",
                            "tags.region": "eu-central-1",
                            "tags.sla": "non-prod",
                            "vpc_id": "vpc-6367bb0b"
                        },
                        "meta": {},
                        "tainted": false
                    },
                    "deposed": [],
                    "provider": ""
                },
                "aws_vpc.main": {
                    "type": "aws_vpc",
                    "depends_on": [],
                    "primary": {
                        "id": "vpc-6367bb0b",
                        "attributes": {
                            "assign_generated_ipv6_cidr_block": "false",
                            "cidr_block": "10.114.244.0/22",
                            "default_network_acl_id": "acl-4d52ec25",
                            "default_route_table_id": "rtb-bd44c3d5",
                            "default_security_group_id": "sg-ee889c86",
                            "dhcp_options_id": "dopt-7fb52216",
                            "enable_dns_hostnames": "true",
                            "enable_dns_support": "true",
                            "id": "vpc-6367bb0b",
                            "instance_tenancy": "default",
                            "main_route_table_id": "rtb-bd44c3d5",
                            "tags.%": "5",
                            "tags.Name": "test-vpc",
                            "tags.account_name": "jive-reco-pipeline",
                            "tags.pipeline_phase": "test",
                            "tags.region": "eu-central-1",
                            "tags.sla": "non-prod"
                        },
                        "meta": {
                            "schema_version": "1"
                        },
                        "tainted": false
                    },
                    "deposed": [],
                    "provider": ""
                },
                "aws_vpc_peering_connection.infra": {
                    "type": "aws_vpc_peering_connection",
                    "depends_on": [
                        "aws_vpc.main"
                    ],
                    "primary": {
                        "id": "pcx-2588504c",
                        "attributes": {
                            "accept_status": "active",
                            "accepter.#": "1",
                            "accepter.3244290774.allow_classic_link_to_remote_vpc": "false",
                            "accepter.3244290774.allow_remote_vpc_dns_resolution": "false",
                            "accepter.3244290774.allow_vpc_to_remote_classic_link": "false",
                            "auto_accept": "true",
                            "id": "pcx-2588504c",
                            "peer_owner_id": "642745549043",
                            "peer_vpc_id": "vpc-1a64b772",
                            "requester.#": "1",
                            "requester.3244290774.allow_classic_link_to_remote_vpc": "false",
                            "requester.3244290774.allow_remote_vpc_dns_resolution": "false",
                            "requester.3244290774.allow_vpc_to_remote_classic_link": "false",
                            "tags.%": "5",
                            "tags.Name": "test_to_infra-jive-reco-pipeline",
                            "tags.account_name": "jive-reco-pipeline",
                            "tags.pipeline_phase": "test",
                            "tags.region": "eu-central-1",
                            "tags.sla": "non-prod",
                            "vpc_id": "vpc-6367bb0b"
                        },
                        "meta": {},
                        "tainted": false
                    },
                    "deposed": [],
                    "provider": ""
                },
                "aws_vpn_connection.main": {
                    "type": "aws_vpn_connection",
                    "depends_on": [
                        "aws_vpn_gateway.vgw"
                    ],
                    "primary": {
                        "id": "vpn-40d23529",
                        "attributes": {
                            "customer_gateway_configuration": "\u003c?xml version=\"1.0\" encoding=\"UTF-8\"?\u003e\n\u003cvpn_connection id=\"vpn-40d23529\"\u003e\n  \u003ccustomer_gateway_id\u003ecgw-8af678ba\u003c/customer_gateway_id\u003e\n  \u003cvpn_gateway_id\u003evgw-084ec138\u003c/vpn_gateway_id\u003e\n  \u003cvpn_connection_type\u003eipsec.1\u003c/vpn_connection_type\u003e\n  \u003cipsec_tunnel\u003e\n    \u003ccustomer_gateway\u003e\n      \u003ctunnel_outside_address\u003e\n        \u003cip_address\u003e204.93.80.68\u003c/ip_address\u003e\n      \u003c/tunnel_outside_address\u003e\n      \u003ctunnel_inside_address\u003e\n        \u003cip_address\u003e169.254.42.254\u003c/ip_address\u003e\n        \u003cnetwork_mask\u003e255.255.255.252\u003c/network_mask\u003e\n        \u003cnetwork_cidr\u003e30\u003c/network_cidr\u003e\n      \u003c/tunnel_inside_address\u003e\n      \u003cbgp\u003e\n        \u003casn\u003e13364\u003c/asn\u003e\n        \u003chold_time\u003e30\u003c/hold_time\u003e\n      \u003c/bgp\u003e\n    \u003c/customer_gateway\u003e\n    \u003cvpn_gateway\u003e\n      \u003ctunnel_outside_address\u003e\n        \u003cip_address\u003e35.157.136.131\u003c/ip_address\u003e\n      \u003c/tunnel_outside_address\u003e\n      \u003ctunnel_inside_address\u003e\n        \u003cip_address\u003e169.254.42.253\u003c/ip_address\u003e\n        \u003cnetwork_mask\u003e255.255.255.252\u003c/network_mask\u003e\n        \u003cnetwork_cidr\u003e30\u003c/network_cidr\u003e\n      \u003c/tunnel_inside_address\u003e\n      \u003cbgp\u003e\n        \u003casn\u003e7224\u003c/asn\u003e\n        \u003chold_time\u003e30\u003c/hold_time\u003e\n      \u003c/bgp\u003e\n    \u003c/vpn_gateway\u003e\n    \u003cike\u003e\n      \u003cauthentication_protocol\u003esha1\u003c/authentication_protocol\u003e\n      \u003cencryption_protocol\u003eaes-128-cbc\u003c/encryption_protocol\u003e\n      \u003clifetime\u003e28800\u003c/lifetime\u003e\n      \u003cperfect_forward_secrecy\u003egroup2\u003c/perfect_forward_secrecy\u003e\n      \u003cmode\u003emain\u003c/mode\u003e\n      \u003cpre_shared_key\u003eTZCxAIqVjxE3.MR2hWgmLjhgsA1fP82c\u003c/pre_shared_key\u003e\n    \u003c/ike\u003e\n    \u003cipsec\u003e\n      \u003cprotocol\u003eesp\u003c/protocol\u003e\n      \u003cauthentication_protocol\u003ehmac-sha1-96\u003c/authentication_protocol\u003e\n      \u003cencryption_protocol\u003eaes-128-cbc\u003c/encryption_protocol\u003e\n      \u003clifetime\u003e3600\u003c/lifetime\u003e\n      \u003cperfect_forward_secrecy\u003egroup2\u003c/perfect_forward_secrecy\u003e\n      \u003cmode\u003etunnel\u003c/mode\u003e\n      \u003cclear_df_bit\u003etrue\u003c/clear_df_bit\u003e\n      \u003cfragmentation_before_encryption\u003etrue\u003c/fragmentation_before_encryption\u003e\n      \u003ctcp_mss_adjustment\u003e1379\u003c/tcp_mss_adjustment\u003e\n      \u003cdead_peer_detection\u003e\n        \u003cinterval\u003e10\u003c/interval\u003e\n        \u003cretries\u003e3\u003c/retries\u003e\n      \u003c/dead_peer_detection\u003e\n    \u003c/ipsec\u003e\n  \u003c/ipsec_tunnel\u003e\n  \u003cipsec_tunnel\u003e\n    \u003ccustomer_gateway\u003e\n      \u003ctunnel_outside_address\u003e\n        \u003cip_address\u003e204.93.80.68\u003c/ip_address\u003e\n      \u003c/tunnel_outside_address\u003e\n      \u003ctunnel_inside_address\u003e\n        \u003cip_address\u003e169.254.41.226\u003c/ip_address\u003e\n        \u003cnetwork_mask\u003e255.255.255.252\u003c/network_mask\u003e\n        \u003cnetwork_cidr\u003e30\u003c/network_cidr\u003e\n      \u003c/tunnel_inside_address\u003e\n      \u003cbgp\u003e\n        \u003casn\u003e13364\u003c/asn\u003e\n        \u003chold_time\u003e30\u003c/hold_time\u003e\n      \u003c/bgp\u003e\n    \u003c/customer_gateway\u003e\n    \u003cvpn_gateway\u003e\n      \u003ctunnel_outside_address\u003e\n        \u003cip_address\u003e35.157.148.40\u003c/ip_address\u003e\n      \u003c/tunnel_outside_address\u003e\n      \u003ctunnel_inside_address\u003e\n        \u003cip_address\u003e169.254.41.225\u003c/ip_address\u003e\n        \u003cnetwork_mask\u003e255.255.255.252\u003c/network_mask\u003e\n        \u003cnetwork_cidr\u003e30\u003c/network_cidr\u003e\n      \u003c/tunnel_inside_address\u003e\n      \u003cbgp\u003e\n        \u003casn\u003e7224\u003c/asn\u003e\n        \u003chold_time\u003e30\u003c/hold_time\u003e\n      \u003c/bgp\u003e\n    \u003c/vpn_gateway\u003e\n    \u003cike\u003e\n      \u003cauthentication_protocol\u003esha1\u003c/authentication_protocol\u003e\n      \u003cencryption_protocol\u003eaes-128-cbc\u003c/encryption_protocol\u003e\n      \u003clifetime\u003e28800\u003c/lifetime\u003e\n      \u003cperfect_forward_secrecy\u003egroup2\u003c/perfect_forward_secrecy\u003e\n      \u003cmode\u003emain\u003c/mode\u003e\n      \u003cpre_shared_key\u003errPGbrU_pzcLo388621urV1C9ONKYCsk\u003c/pre_shared_key\u003e\n    \u003c/ike\u003e\n    \u003cipsec\u003e\n      \u003cprotocol\u003eesp\u003c/protocol\u003e\n      \u003cauthentication_protocol\u003ehmac-sha1-96\u003c/authentication_protocol\u003e\n      \u003cencryption_protocol\u003eaes-128-cbc\u003c/encryption_protocol\u003e\n      \u003clifetime\u003e3600\u003c/lifetime\u003e\n      \u003cperfect_forward_secrecy\u003egroup2\u003c/perfect_forward_secrecy\u003e\n      \u003cmode\u003etunnel\u003c/mode\u003e\n      \u003cclear_df_bit\u003etrue\u003c/clear_df_bit\u003e\n      \u003cfragmentation_before_encryption\u003etrue\u003c/fragmentation_before_encryption\u003e\n      \u003ctcp_mss_adjustment\u003e1379\u003c/tcp_mss_adjustment\u003e\n      \u003cdead_peer_detection\u003e\n        \u003cinterval\u003e10\u003c/interval\u003e\n        \u003cretries\u003e3\u003c/retries\u003e\n      \u003c/dead_peer_detection\u003e\n    \u003c/ipsec\u003e\n  \u003c/ipsec_tunnel\u003e\n\u003c/vpn_connection\u003e\n",
                            "customer_gateway_id": "cgw-8af678ba",
                            "id": "vpn-40d23529",
                            "routes.#": "0",
                            "static_routes_only": "false",
                            "tags.%": "5",
                            "tags.Name": "test-jive-vpn",
                            "tags.account_name": "jive-reco-pipeline",
                            "tags.pipeline_phase": "test",
                            "tags.region": "eu-central-1",
                            "tags.sla": "non-prod",
                            "tunnel1_address": "35.157.136.131",
                            "tunnel1_preshared_key": "TZCxAIqVjxE3.MR2hWgmLjhgsA1fP82c",
                            "tunnel2_address": "35.157.148.40",
                            "tunnel2_preshared_key": "rrPGbrU_pzcLo388621urV1C9ONKYCsk",
                            "type": "ipsec.1",
                            "vgw_telemetry.#": "2",
                            "vgw_telemetry.3580930416.accepted_route_count": "0",
                            "vgw_telemetry.3580930416.last_status_change": "2017-05-12 20:30:44 +0000 UTC",
                            "vgw_telemetry.3580930416.outside_ip_address": "35.157.148.40",
                            "vgw_telemetry.3580930416.status": "DOWN",
                            "vgw_telemetry.3580930416.status_message": "IPSEC IS DOWN",
                            "vgw_telemetry.3947888293.accepted_route_count": "0",
                            "vgw_telemetry.3947888293.last_status_change": "2017-05-12 20:30:46 +0000 UTC",
                            "vgw_telemetry.3947888293.outside_ip_address": "35.157.136.131",
                            "vgw_telemetry.3947888293.status": "DOWN",
                            "vgw_telemetry.3947888293.status_message": "IPSEC IS DOWN",
                            "vpn_gateway_id": "vgw-084ec138"
                        },
                        "meta": {},
                        "tainted": false
                    },
                    "deposed": [],
                    "provider": ""
                },
                "aws_vpn_gateway.vgw": {
                    "type": "aws_vpn_gateway",
                    "depends_on": [
                        "aws_vpc.main"
                    ],
                    "primary": {
                        "id": "vgw-084ec138",
                        "attributes": {
                            "id": "vgw-084ec138",
                            "tags.%": "7",
                            "tags.Name": "test-vgw",
                            "tags.account_name": "jive-reco-pipeline",
                            "tags.jive_service": "infrastructure",
                            "tags.pipeline_phase": "test",
                            "tags.region": "eu-central-1",
                            "tags.service_component": "vpn_gateway",
                            "tags.sla": "non-prod",
                            "vpc_id": "vpc-6367bb0b"
                        },
                        "meta": {},
                        "tainted": false
                    },
                    "deposed": [],
                    "provider": ""
                }
            },
            "depends_on": []
        }
    ]
}
