{
    "version": 3,
    "terraform_version": "0.9.4",
    "serial": 3,
    "lineage": "40dc0b35-77fc-47d3-86d2-f61794055aca",
    "modules": [
        {
            "path": [
                "root"
            ],
            "outputs": {},
            "resources": {
                "aws_autoscaling_group.k8s_etcd_asg.0": {
                    "type": "aws_autoscaling_group",
                    "depends_on": [
                        "aws_eip.k8s_etcd_eip.*",
                        "aws_launch_configuration.k8s_etcd",
                        "data.aws_subnet.natdc.*",
                        "null_resource.k8s_cluster"
                    ],
                    "primary": {
                        "id": "pipeline-k8s-etcd-asg1",
                        "attributes": {
                            "arn": "arn:aws:autoscaling:us-east-1:517449413234:autoScalingGroup:b3a2e1fd-0855-42ce-905f-37f4267942ec:autoScalingGroupName/pipeline-k8s-etcd-asg1",
                            "availability_zones.#": "1",
                            "availability_zones.3569565595": "us-east-1a",
                            "default_cooldown": "300",
                            "desired_capacity": "1",
                            "force_delete": "false",
                            "health_check_grace_period": "300",
                            "health_check_type": "EC2",
                            "id": "pipeline-k8s-etcd-asg1",
                            "launch_configuration": "terraform-0098a2ea7f4fc4e4b0f382369b",
                            "load_balancers.#": "0",
                            "max_size": "1",
                            "metrics_granularity": "1Minute",
                            "min_size": "1",
                            "name": "pipeline-k8s-etcd-asg1",
                            "placement_group": "",
                            "protect_from_scale_in": "false",
                            "suspended_processes.#": "0",
                            "tag.#": "10",
                            "tag.1881911035.key": "KubernetesCluster",
                            "tag.1881911035.propagate_at_launch": "true",
                            "tag.1881911035.value": "us-east-1_jive-infra-pipeline",
                            "tag.2182163762.key": "K8s_cluster",
                            "tag.2182163762.propagate_at_launch": "true",
                            "tag.2182163762.value": "us-east-1_jive-infra-pipeline",
                            "tag.2286334338.key": "Etcd_ip",
                            "tag.2286334338.propagate_at_launch": "true",
                            "tag.2286334338.value": "10.124.64.100",
                            "tag.2651257388.key": "Region",
                            "tag.2651257388.propagate_at_launch": "true",
                            "tag.2651257388.value": "us-east-1",
                            "tag.2957669699.key": "Pipeline_phase",
                            "tag.2957669699.propagate_at_launch": "true",
                            "tag.2957669699.value": "pipeline",
                            "tag.3187119633.key": "Service_component",
                            "tag.3187119633.propagate_at_launch": "true",
                            "tag.3187119633.value": "etcd",
                            "tag.3767096825.key": "SLA",
                            "tag.3767096825.propagate_at_launch": "true",
                            "tag.3767096825.value": "non-prod",
                            "tag.433560586.key": "Jive_service",
                            "tag.433560586.propagate_at_launch": "true",
                            "tag.433560586.value": "us-east-1_jive-infra-pipeline",
                            "tag.44403436.key": "Hostname",
                            "tag.44403436.propagate_at_launch": "true",
                            "tag.44403436.value": "us-east-1_jive-infra-pipeline-etcd1",
                            "tag.528337943.key": "Name",
                            "tag.528337943.propagate_at_launch": "true",
                            "tag.528337943.value": "pipeline-k8s-etcd-instance",
                            "target_group_arns.#": "0",
                            "termination_policies.#": "0",
                            "vpc_zone_identifier.#": "1",
                            "vpc_zone_identifier.1451524630": "subnet-6924c10d",
                            "wait_for_capacity_timeout": "10m"
                        },
                        "meta": {},
                        "tainted": false
                    },
                    "deposed": [],
                    "provider": ""
                },
                "aws_autoscaling_group.k8s_etcd_asg.1": {
                    "type": "aws_autoscaling_group",
                    "depends_on": [
                        "aws_eip.k8s_etcd_eip.*",
                        "aws_launch_configuration.k8s_etcd",
                        "data.aws_subnet.natdc.*",
                        "null_resource.k8s_cluster"
                    ],
                    "primary": {
                        "id": "pipeline-k8s-etcd-asg2",
                        "attributes": {
                            "arn": "arn:aws:autoscaling:us-east-1:517449413234:autoScalingGroup:407054dd-e489-4445-9ed7-7df72e322a11:autoScalingGroupName/pipeline-k8s-etcd-asg2",
                            "availability_zones.#": "1",
                            "availability_zones.1305112097": "us-east-1b",
                            "default_cooldown": "300",
                            "desired_capacity": "1",
                            "force_delete": "false",
                            "health_check_grace_period": "300",
                            "health_check_type": "EC2",
                            "id": "pipeline-k8s-etcd-asg2",
                            "launch_configuration": "terraform-0098a2ea7f4fc4e4b0f382369b",
                            "load_balancers.#": "0",
                            "max_size": "1",
                            "metrics_granularity": "1Minute",
                            "min_size": "1",
                            "name": "pipeline-k8s-etcd-asg2",
                            "placement_group": "",
                            "protect_from_scale_in": "false",
                            "suspended_processes.#": "0",
                            "tag.#": "10",
                            "tag.1881911035.key": "KubernetesCluster",
                            "tag.1881911035.propagate_at_launch": "true",
                            "tag.1881911035.value": "us-east-1_jive-infra-pipeline",
                            "tag.2182163762.key": "K8s_cluster",
                            "tag.2182163762.propagate_at_launch": "true",
                            "tag.2182163762.value": "us-east-1_jive-infra-pipeline",
                            "tag.2515458425.key": "Etcd_ip",
                            "tag.2515458425.propagate_at_launch": "true",
                            "tag.2515458425.value": "10.124.67.140",
                            "tag.2651257388.key": "Region",
                            "tag.2651257388.propagate_at_launch": "true",
                            "tag.2651257388.value": "us-east-1",
                            "tag.2957669699.key": "Pipeline_phase",
                            "tag.2957669699.propagate_at_launch": "true",
                            "tag.2957669699.value": "pipeline",
                            "tag.3187119633.key": "Service_component",
                            "tag.3187119633.propagate_at_launch": "true",
                            "tag.3187119633.value": "etcd",
                            "tag.3767096825.key": "SLA",
                            "tag.3767096825.propagate_at_launch": "true",
                            "tag.3767096825.value": "non-prod",
                            "tag.433560586.key": "Jive_service",
                            "tag.433560586.propagate_at_launch": "true",
                            "tag.433560586.value": "us-east-1_jive-infra-pipeline",
                            "tag.528337943.key": "Name",
                            "tag.528337943.propagate_at_launch": "true",
                            "tag.528337943.value": "pipeline-k8s-etcd-instance",
                            "tag.860721265.key": "Hostname",
                            "tag.860721265.propagate_at_launch": "true",
                            "tag.860721265.value": "us-east-1_jive-infra-pipeline-etcd2",
                            "target_group_arns.#": "0",
                            "termination_policies.#": "0",
                            "vpc_zone_identifier.#": "1",
                            "vpc_zone_identifier.547244425": "subnet-10fd683c",
                            "wait_for_capacity_timeout": "10m"
                        },
                        "meta": {},
                        "tainted": false
                    },
                    "deposed": [],
                    "provider": ""
                },
                "aws_autoscaling_group.k8s_etcd_asg.2": {
                    "type": "aws_autoscaling_group",
                    "depends_on": [
                        "aws_eip.k8s_etcd_eip.*",
                        "aws_launch_configuration.k8s_etcd",
                        "data.aws_subnet.natdc.*",
                        "null_resource.k8s_cluster"
                    ],
                    "primary": {
                        "id": "pipeline-k8s-etcd-asg3",
                        "attributes": {
                            "arn": "arn:aws:autoscaling:us-east-1:517449413234:autoScalingGroup:053b35cf-23a2-4b05-b0d4-a0f24bb5edbd:autoScalingGroupName/pipeline-k8s-etcd-asg3",
                            "availability_zones.#": "1",
                            "availability_zones.986537655": "us-east-1c",
                            "default_cooldown": "300",
                            "desired_capacity": "1",
                            "force_delete": "false",
                            "health_check_grace_period": "300",
                            "health_check_type": "EC2",
                            "id": "pipeline-k8s-etcd-asg3",
                            "launch_configuration": "terraform-0098a2ea7f4fc4e4b0f382369b",
                            "load_balancers.#": "0",
                            "max_size": "1",
                            "metrics_granularity": "1Minute",
                            "min_size": "1",
                            "name": "pipeline-k8s-etcd-asg3",
                            "placement_group": "",
                            "protect_from_scale_in": "false",
                            "suspended_processes.#": "0",
                            "tag.#": "10",
                            "tag.1033762562.key": "Etcd_ip",
                            "tag.1033762562.propagate_at_launch": "true",
                            "tag.1033762562.value": "10.124.68.64",
                            "tag.1881911035.key": "KubernetesCluster",
                            "tag.1881911035.propagate_at_launch": "true",
                            "tag.1881911035.value": "us-east-1_jive-infra-pipeline",
                            "tag.2182163762.key": "K8s_cluster",
                            "tag.2182163762.propagate_at_launch": "true",
                            "tag.2182163762.value": "us-east-1_jive-infra-pipeline",
                            "tag.2503646149.key": "Hostname",
                            "tag.2503646149.propagate_at_launch": "true",
                            "tag.2503646149.value": "us-east-1_jive-infra-pipeline-etcd3",
                            "tag.2651257388.key": "Region",
                            "tag.2651257388.propagate_at_launch": "true",
                            "tag.2651257388.value": "us-east-1",
                            "tag.2957669699.key": "Pipeline_phase",
                            "tag.2957669699.propagate_at_launch": "true",
                            "tag.2957669699.value": "pipeline",
                            "tag.3187119633.key": "Service_component",
                            "tag.3187119633.propagate_at_launch": "true",
                            "tag.3187119633.value": "etcd",
                            "tag.3767096825.key": "SLA",
                            "tag.3767096825.propagate_at_launch": "true",
                            "tag.3767096825.value": "non-prod",
                            "tag.433560586.key": "Jive_service",
                            "tag.433560586.propagate_at_launch": "true",
                            "tag.433560586.value": "us-east-1_jive-infra-pipeline",
                            "tag.528337943.key": "Name",
                            "tag.528337943.propagate_at_launch": "true",
                            "tag.528337943.value": "pipeline-k8s-etcd-instance",
                            "target_group_arns.#": "0",
                            "termination_policies.#": "0",
                            "vpc_zone_identifier.#": "1",
                            "vpc_zone_identifier.150169304": "subnet-1cb9f454",
                            "wait_for_capacity_timeout": "10m"
                        },
                        "meta": {},
                        "tainted": false
                    },
                    "deposed": [],
                    "provider": ""
                },
                "aws_autoscaling_group.k8s_etcd_asg.3": {
                    "type": "aws_autoscaling_group",
                    "depends_on": [
                        "aws_eip.k8s_etcd_eip.*",
                        "aws_launch_configuration.k8s_etcd",
                        "data.aws_subnet.natdc.*",
                        "null_resource.k8s_cluster"
                    ],
                    "primary": {
                        "id": "pipeline-k8s-etcd-asg4",
                        "attributes": {
                            "arn": "arn:aws:autoscaling:us-east-1:517449413234:autoScalingGroup:f2e50fda-812c-4173-8ee7-95c68b03aa4d:autoScalingGroupName/pipeline-k8s-etcd-asg4",
                            "availability_zones.#": "1",
                            "availability_zones.2762590996": "us-east-1d",
                            "default_cooldown": "300",
                            "desired_capacity": "1",
                            "force_delete": "false",
                            "health_check_grace_period": "300",
                            "health_check_type": "EC2",
                            "id": "pipeline-k8s-etcd-asg4",
                            "launch_configuration": "terraform-0098a2ea7f4fc4e4b0f382369b",
                            "load_balancers.#": "0",
                            "max_size": "1",
                            "metrics_granularity": "1Minute",
                            "min_size": "1",
                            "name": "pipeline-k8s-etcd-asg4",
                            "placement_group": "",
                            "protect_from_scale_in": "false",
                            "suspended_processes.#": "0",
                            "tag.#": "10",
                            "tag.1352508747.key": "Hostname",
                            "tag.1352508747.propagate_at_launch": "true",
                            "tag.1352508747.value": "us-east-1_jive-infra-pipeline-etcd4",
                            "tag.1881911035.key": "KubernetesCluster",
                            "tag.1881911035.propagate_at_launch": "true",
                            "tag.1881911035.value": "us-east-1_jive-infra-pipeline",
                            "tag.2182163762.key": "K8s_cluster",
                            "tag.2182163762.propagate_at_launch": "true",
                            "tag.2182163762.value": "us-east-1_jive-infra-pipeline",
                            "tag.2651257388.key": "Region",
                            "tag.2651257388.propagate_at_launch": "true",
                            "tag.2651257388.value": "us-east-1",
                            "tag.2957669699.key": "Pipeline_phase",
                            "tag.2957669699.propagate_at_launch": "true",
                            "tag.2957669699.value": "pipeline",
                            "tag.3187119633.key": "Service_component",
                            "tag.3187119633.propagate_at_launch": "true",
                            "tag.3187119633.value": "etcd",
                            "tag.3767096825.key": "SLA",
                            "tag.3767096825.propagate_at_launch": "true",
                            "tag.3767096825.value": "non-prod",
                            "tag.410284639.key": "Etcd_ip",
                            "tag.410284639.propagate_at_launch": "true",
                            "tag.410284639.value": "10.124.71.134",
                            "tag.433560586.key": "Jive_service",
                            "tag.433560586.propagate_at_launch": "true",
                            "tag.433560586.value": "us-east-1_jive-infra-pipeline",
                            "tag.528337943.key": "Name",
                            "tag.528337943.propagate_at_launch": "true",
                            "tag.528337943.value": "pipeline-k8s-etcd-instance",
                            "target_group_arns.#": "0",
                            "termination_policies.#": "0",
                            "vpc_zone_identifier.#": "1",
                            "vpc_zone_identifier.1678318569": "subnet-f7901dad",
                            "wait_for_capacity_timeout": "10m"
                        },
                        "meta": {},
                        "tainted": false
                    },
                    "deposed": [],
                    "provider": ""
                },
                "aws_autoscaling_group.k8s_etcd_asg.4": {
                    "type": "aws_autoscaling_group",
                    "depends_on": [
                        "aws_eip.k8s_etcd_eip.*",
                        "aws_launch_configuration.k8s_etcd",
                        "data.aws_subnet.natdc.*",
                        "null_resource.k8s_cluster"
                    ],
                    "primary": {
                        "id": "pipeline-k8s-etcd-asg5",
                        "attributes": {
                            "arn": "arn:aws:autoscaling:us-east-1:517449413234:autoScalingGroup:b2e255aa-71c3-42b1-a30d-c0fa8bd99057:autoScalingGroupName/pipeline-k8s-etcd-asg5",
                            "availability_zones.#": "1",
                            "availability_zones.3551460226": "us-east-1e",
                            "default_cooldown": "300",
                            "desired_capacity": "1",
                            "force_delete": "false",
                            "health_check_grace_period": "300",
                            "health_check_type": "EC2",
                            "id": "pipeline-k8s-etcd-asg5",
                            "launch_configuration": "terraform-0098a2ea7f4fc4e4b0f382369b",
                            "load_balancers.#": "0",
                            "max_size": "1",
                            "metrics_granularity": "1Minute",
                            "min_size": "1",
                            "name": "pipeline-k8s-etcd-asg5",
                            "placement_group": "",
                            "protect_from_scale_in": "false",
                            "suspended_processes.#": "0",
                            "tag.#": "10",
                            "tag.1881911035.key": "KubernetesCluster",
                            "tag.1881911035.propagate_at_launch": "true",
                            "tag.1881911035.value": "us-east-1_jive-infra-pipeline",
                            "tag.2182163762.key": "K8s_cluster",
                            "tag.2182163762.propagate_at_launch": "true",
                            "tag.2182163762.value": "us-east-1_jive-infra-pipeline",
                            "tag.2651257388.key": "Region",
                            "tag.2651257388.propagate_at_launch": "true",
                            "tag.2651257388.value": "us-east-1",
                            "tag.2957669699.key": "Pipeline_phase",
                            "tag.2957669699.propagate_at_launch": "true",
                            "tag.2957669699.value": "pipeline",
                            "tag.3187119633.key": "Service_component",
                            "tag.3187119633.propagate_at_launch": "true",
                            "tag.3187119633.value": "etcd",
                            "tag.3767096825.key": "SLA",
                            "tag.3767096825.propagate_at_launch": "true",
                            "tag.3767096825.value": "non-prod",
                            "tag.4142575359.key": "Hostname",
                            "tag.4142575359.propagate_at_launch": "true",
                            "tag.4142575359.value": "us-east-1_jive-infra-pipeline-etcd5",
                            "tag.433560586.key": "Jive_service",
                            "tag.433560586.propagate_at_launch": "true",
                            "tag.433560586.value": "us-east-1_jive-infra-pipeline",
                            "tag.528337943.key": "Name",
                            "tag.528337943.propagate_at_launch": "true",
                            "tag.528337943.value": "pipeline-k8s-etcd-instance",
                            "tag.640580633.key": "Etcd_ip",
                            "tag.640580633.propagate_at_launch": "true",
                            "tag.640580633.value": "10.124.72.159",
                            "target_group_arns.#": "0",
                            "termination_policies.#": "0",
                            "vpc_zone_identifier.#": "1",
                            "vpc_zone_identifier.3977586723": "subnet-7cc5c240",
                            "wait_for_capacity_timeout": "10m"
                        },
                        "meta": {},
                        "tainted": false
                    },
                    "deposed": [],
                    "provider": ""
                },
                "aws_autoscaling_group.k8s_master": {
                    "type": "aws_autoscaling_group",
                    "depends_on": [
                        "aws_elb.k8s_master",
                        "aws_launch_configuration.k8s_master",
                        "null_resource.k8s_cluster"
                    ],
                    "primary": {
                        "id": "pipeline-k8s-master-asg1",
                        "attributes": {
                            "arn": "arn:aws:autoscaling:us-east-1:517449413234:autoScalingGroup:4ad3df12-b54c-4d6d-9b5c-e850900986c5:autoScalingGroupName/pipeline-k8s-master-asg1",
                            "availability_zones.#": "1",
                            "availability_zones.3569565595": "us-east-1a",
                            "default_cooldown": "300",
                            "desired_capacity": "1",
                            "force_delete": "false",
                            "health_check_grace_period": "300",
                            "health_check_type": "EC2",
                            "id": "pipeline-k8s-master-asg1",
                            "launch_configuration": "terraform-0098a2ea7f4fc4e4b0f382369c",
                            "load_balancers.#": "1",
                            "load_balancers.1572528977": "pipeline-k8s-master-elb",
                            "max_size": "1",
                            "metrics_granularity": "1Minute",
                            "min_size": "1",
                            "name": "pipeline-k8s-master-asg1",
                            "placement_group": "",
                            "protect_from_scale_in": "false",
                            "suspended_processes.#": "0",
                            "tag.#": "9",
                            "tag.114212053.key": "Name",
                            "tag.114212053.propagate_at_launch": "true",
                            "tag.114212053.value": "pipeline-k8s-master-instance",
                            "tag.1881911035.key": "KubernetesCluster",
                            "tag.1881911035.propagate_at_launch": "true",
                            "tag.1881911035.value": "us-east-1_jive-infra-pipeline",
                            "tag.2123899331.key": "Hostname",
                            "tag.2123899331.propagate_at_launch": "true",
                            "tag.2123899331.value": "us-east-1_jive-infra-pipeline-master1",
                            "tag.2182163762.key": "K8s_cluster",
                            "tag.2182163762.propagate_at_launch": "true",
                            "tag.2182163762.value": "us-east-1_jive-infra-pipeline",
                            "tag.2651257388.key": "Region",
                            "tag.2651257388.propagate_at_launch": "true",
                            "tag.2651257388.value": "us-east-1",
                            "tag.2957669699.key": "Pipeline_phase",
                            "tag.2957669699.propagate_at_launch": "true",
                            "tag.2957669699.value": "pipeline",
                            "tag.3116370667.key": "Service_component",
                            "tag.3116370667.propagate_at_launch": "true",
                            "tag.3116370667.value": "k8s-master",
                            "tag.3767096825.key": "SLA",
                            "tag.3767096825.propagate_at_launch": "true",
                            "tag.3767096825.value": "non-prod",
                            "tag.433560586.key": "Jive_service",
                            "tag.433560586.propagate_at_launch": "true",
                            "tag.433560586.value": "us-east-1_jive-infra-pipeline",
                            "target_group_arns.#": "0",
                            "termination_policies.#": "0",
                            "vpc_zone_identifier.#": "1",
                            "vpc_zone_identifier.1451524630": "subnet-6924c10d",
                            "wait_for_capacity_timeout": "10m"
                        },
                        "meta": {},
                        "tainted": false
                    },
                    "deposed": [],
                    "provider": ""
                },
                "aws_autoscaling_group.k8s_worker_asg.0": {
                    "type": "aws_autoscaling_group",
                    "depends_on": [
                        "aws_launch_configuration.k8s_worker",
                        "null_resource.k8s_cluster"
                    ],
                    "primary": {
                        "id": "pipeline-k8s-worker-asg1",
                        "attributes": {
                            "arn": "arn:aws:autoscaling:us-east-1:517449413234:autoScalingGroup:00f39816-d771-489a-a87c-78dbf1dae751:autoScalingGroupName/pipeline-k8s-worker-asg1",
                            "availability_zones.#": "1",
                            "availability_zones.3569565595": "us-east-1a",
                            "default_cooldown": "300",
                            "desired_capacity": "1",
                            "force_delete": "false",
                            "health_check_grace_period": "300",
                            "health_check_type": "EC2",
                            "id": "pipeline-k8s-worker-asg1",
                            "launch_configuration": "terraform-0098a2ea7f4fc4e4b0f382369d",
                            "load_balancers.#": "0",
                            "max_size": "6",
                            "metrics_granularity": "1Minute",
                            "min_size": "1",
                            "name": "pipeline-k8s-worker-asg1",
                            "placement_group": "",
                            "protect_from_scale_in": "false",
                            "suspended_processes.#": "0",
                            "tag.#": "9",
                            "tag.1881911035.key": "KubernetesCluster",
                            "tag.1881911035.propagate_at_launch": "true",
                            "tag.1881911035.value": "us-east-1_jive-infra-pipeline",
                            "tag.2157698622.key": "Hostname",
                            "tag.2157698622.propagate_at_launch": "true",
                            "tag.2157698622.value": "k8s-node1",
                            "tag.2182163762.key": "K8s_cluster",
                            "tag.2182163762.propagate_at_launch": "true",
                            "tag.2182163762.value": "us-east-1_jive-infra-pipeline",
                            "tag.228639812.key": "Service_component",
                            "tag.228639812.propagate_at_launch": "true",
                            "tag.228639812.value": "k8s-node",
                            "tag.2598016381.key": "Name",
                            "tag.2598016381.propagate_at_launch": "true",
                            "tag.2598016381.value": "pipeline-k8s-worker-instance",
                            "tag.2651257388.key": "Region",
                            "tag.2651257388.propagate_at_launch": "true",
                            "tag.2651257388.value": "us-east-1",
                            "tag.2957669699.key": "Pipeline_phase",
                            "tag.2957669699.propagate_at_launch": "true",
                            "tag.2957669699.value": "pipeline",
                            "tag.3767096825.key": "SLA",
                            "tag.3767096825.propagate_at_launch": "true",
                            "tag.3767096825.value": "non-prod",
                            "tag.433560586.key": "Jive_service",
                            "tag.433560586.propagate_at_launch": "true",
                            "tag.433560586.value": "us-east-1_jive-infra-pipeline",
                            "target_group_arns.#": "0",
                            "termination_policies.#": "0",
                            "vpc_zone_identifier.#": "1",
                            "vpc_zone_identifier.1451524630": "subnet-6924c10d",
                            "wait_for_capacity_timeout": "10m"
                        },
                        "meta": {},
                        "tainted": false
                    },
                    "deposed": [],
                    "provider": ""
                },
                "aws_autoscaling_group.k8s_worker_asg.1": {
                    "type": "aws_autoscaling_group",
                    "depends_on": [
                        "aws_launch_configuration.k8s_worker",
                        "null_resource.k8s_cluster"
                    ],
                    "primary": {
                        "id": "pipeline-k8s-worker-asg2",
                        "attributes": {
                            "arn": "arn:aws:autoscaling:us-east-1:517449413234:autoScalingGroup:fd034331-7f76-4822-8664-a21f60630bef:autoScalingGroupName/pipeline-k8s-worker-asg2",
                            "availability_zones.#": "1",
                            "availability_zones.1305112097": "us-east-1b",
                            "default_cooldown": "300",
                            "desired_capacity": "1",
                            "force_delete": "false",
                            "health_check_grace_period": "300",
                            "health_check_type": "EC2",
                            "id": "pipeline-k8s-worker-asg2",
                            "launch_configuration": "terraform-0098a2ea7f4fc4e4b0f382369d",
                            "load_balancers.#": "0",
                            "max_size": "6",
                            "metrics_granularity": "1Minute",
                            "min_size": "1",
                            "name": "pipeline-k8s-worker-asg2",
                            "placement_group": "",
                            "protect_from_scale_in": "false",
                            "suspended_processes.#": "0",
                            "tag.#": "9",
                            "tag.1881911035.key": "KubernetesCluster",
                            "tag.1881911035.propagate_at_launch": "true",
                            "tag.1881911035.value": "us-east-1_jive-infra-pipeline",
                            "tag.2182163762.key": "K8s_cluster",
                            "tag.2182163762.propagate_at_launch": "true",
                            "tag.2182163762.value": "us-east-1_jive-infra-pipeline",
                            "tag.228639812.key": "Service_component",
                            "tag.228639812.propagate_at_launch": "true",
                            "tag.228639812.value": "k8s-node",
                            "tag.2598016381.key": "Name",
                            "tag.2598016381.propagate_at_launch": "true",
                            "tag.2598016381.value": "pipeline-k8s-worker-instance",
                            "tag.2651257388.key": "Region",
                            "tag.2651257388.propagate_at_launch": "true",
                            "tag.2651257388.value": "us-east-1",
                            "tag.2957669699.key": "Pipeline_phase",
                            "tag.2957669699.propagate_at_launch": "true",
                            "tag.2957669699.value": "pipeline",
                            "tag.2977154211.key": "Hostname",
                            "tag.2977154211.propagate_at_launch": "true",
                            "tag.2977154211.value": "k8s-node2",
                            "tag.3767096825.key": "SLA",
                            "tag.3767096825.propagate_at_launch": "true",
                            "tag.3767096825.value": "non-prod",
                            "tag.433560586.key": "Jive_service",
                            "tag.433560586.propagate_at_launch": "true",
                            "tag.433560586.value": "us-east-1_jive-infra-pipeline",
                            "target_group_arns.#": "0",
                            "termination_policies.#": "0",
                            "vpc_zone_identifier.#": "1",
                            "vpc_zone_identifier.547244425": "subnet-10fd683c",
                            "wait_for_capacity_timeout": "10m"
                        },
                        "meta": {},
                        "tainted": false
                    },
                    "deposed": [],
                    "provider": ""
                },
                "aws_autoscaling_group.k8s_worker_asg.2": {
                    "type": "aws_autoscaling_group",
                    "depends_on": [
                        "aws_launch_configuration.k8s_worker",
                        "null_resource.k8s_cluster"
                    ],
                    "primary": {
                        "id": "pipeline-k8s-worker-asg3",
                        "attributes": {
                            "arn": "arn:aws:autoscaling:us-east-1:517449413234:autoScalingGroup:58a16161-9d69-42bf-9b91-5e8243b3dd29:autoScalingGroupName/pipeline-k8s-worker-asg3",
                            "availability_zones.#": "1",
                            "availability_zones.986537655": "us-east-1c",
                            "default_cooldown": "300",
                            "desired_capacity": "1",
                            "force_delete": "false",
                            "health_check_grace_period": "300",
                            "health_check_type": "EC2",
                            "id": "pipeline-k8s-worker-asg3",
                            "launch_configuration": "terraform-0098a2ea7f4fc4e4b0f382369d",
                            "load_balancers.#": "0",
                            "max_size": "6",
                            "metrics_granularity": "1Minute",
                            "min_size": "1",
                            "name": "pipeline-k8s-worker-asg3",
                            "placement_group": "",
                            "protect_from_scale_in": "false",
                            "suspended_processes.#": "0",
                            "tag.#": "9",
                            "tag.1881911035.key": "KubernetesCluster",
                            "tag.1881911035.propagate_at_launch": "true",
                            "tag.1881911035.value": "us-east-1_jive-infra-pipeline",
                            "tag.2182163762.key": "K8s_cluster",
                            "tag.2182163762.propagate_at_launch": "true",
                            "tag.2182163762.value": "us-east-1_jive-infra-pipeline",
                            "tag.228639812.key": "Service_component",
                            "tag.228639812.propagate_at_launch": "true",
                            "tag.228639812.value": "k8s-node",
                            "tag.2598016381.key": "Name",
                            "tag.2598016381.propagate_at_launch": "true",
                            "tag.2598016381.value": "pipeline-k8s-worker-instance",
                            "tag.2651257388.key": "Region",
                            "tag.2651257388.propagate_at_launch": "true",
                            "tag.2651257388.value": "us-east-1",
                            "tag.2957669699.key": "Pipeline_phase",
                            "tag.2957669699.propagate_at_launch": "true",
                            "tag.2957669699.value": "pipeline",
                            "tag.3767096825.key": "SLA",
                            "tag.3767096825.propagate_at_launch": "true",
                            "tag.3767096825.value": "non-prod",
                            "tag.386191127.key": "Hostname",
                            "tag.386191127.propagate_at_launch": "true",
                            "tag.386191127.value": "k8s-node3",
                            "tag.433560586.key": "Jive_service",
                            "tag.433560586.propagate_at_launch": "true",
                            "tag.433560586.value": "us-east-1_jive-infra-pipeline",
                            "target_group_arns.#": "0",
                            "termination_policies.#": "0",
                            "vpc_zone_identifier.#": "1",
                            "vpc_zone_identifier.150169304": "subnet-1cb9f454",
                            "wait_for_capacity_timeout": "10m"
                        },
                        "meta": {},
                        "tainted": false
                    },
                    "deposed": [],
                    "provider": ""
                },
                "aws_ebs_volume.k8s_etcd_ebs.0": {
                    "type": "aws_ebs_volume",
                    "depends_on": [
                        "data.aws_availability_zones.available",
                        "null_resource.k8s_cluster"
                    ],
                    "primary": {
                        "id": "vol-04f96159e5807ab29",
                        "attributes": {
                            "availability_zone": "us-east-1a",
                            "encrypted": "true",
                            "id": "vol-04f96159e5807ab29",
                            "kms_key_id": "arn:aws:kms:us-east-1:517449413234:key/d6d8a1c9-fca9-4ea0-b84f-e624f0a9c0d3",
                            "size": "20",
                            "snapshot_id": "",
                            "tags.%": "7",
                            "tags.Hostname": "us-east-1_jive-infra-pipeline-etcd1",
                            "tags.Jive_service": "us-east-1_jive-infra-pipeline",
                            "tags.Name": "pipeline-k8s_etcd-instance",
                            "tags.Pipeline_phase": "pipeline",
                            "tags.Region": "us-east-1",
                            "tags.SLA": "non-prod",
                            "tags.Service_component": "etcd",
                            "type": "gp2"
                        },
                        "meta": {},
                        "tainted": false
                    },
                    "deposed": [],
                    "provider": ""
                },
                "aws_ebs_volume.k8s_etcd_ebs.1": {
                    "type": "aws_ebs_volume",
                    "depends_on": [
                        "data.aws_availability_zones.available",
                        "null_resource.k8s_cluster"
                    ],
                    "primary": {
                        "id": "vol-0d2867141b548e995",
                        "attributes": {
                            "availability_zone": "us-east-1b",
                            "encrypted": "true",
                            "id": "vol-0d2867141b548e995",
                            "kms_key_id": "arn:aws:kms:us-east-1:517449413234:key/d6d8a1c9-fca9-4ea0-b84f-e624f0a9c0d3",
                            "size": "20",
                            "snapshot_id": "",
                            "tags.%": "7",
                            "tags.Hostname": "us-east-1_jive-infra-pipeline-etcd2",
                            "tags.Jive_service": "us-east-1_jive-infra-pipeline",
                            "tags.Name": "pipeline-k8s_etcd-instance",
                            "tags.Pipeline_phase": "pipeline",
                            "tags.Region": "us-east-1",
                            "tags.SLA": "non-prod",
                            "tags.Service_component": "etcd",
                            "type": "gp2"
                        },
                        "meta": {},
                        "tainted": false
                    },
                    "deposed": [],
                    "provider": ""
                },
                "aws_ebs_volume.k8s_etcd_ebs.2": {
                    "type": "aws_ebs_volume",
                    "depends_on": [
                        "data.aws_availability_zones.available",
                        "null_resource.k8s_cluster"
                    ],
                    "primary": {
                        "id": "vol-0dfc6658f0e167996",
                        "attributes": {
                            "availability_zone": "us-east-1c",
                            "encrypted": "true",
                            "id": "vol-0dfc6658f0e167996",
                            "kms_key_id": "arn:aws:kms:us-east-1:517449413234:key/d6d8a1c9-fca9-4ea0-b84f-e624f0a9c0d3",
                            "size": "20",
                            "snapshot_id": "",
                            "tags.%": "7",
                            "tags.Hostname": "us-east-1_jive-infra-pipeline-etcd3",
                            "tags.Jive_service": "us-east-1_jive-infra-pipeline",
                            "tags.Name": "pipeline-k8s_etcd-instance",
                            "tags.Pipeline_phase": "pipeline",
                            "tags.Region": "us-east-1",
                            "tags.SLA": "non-prod",
                            "tags.Service_component": "etcd",
                            "type": "gp2"
                        },
                        "meta": {},
                        "tainted": false
                    },
                    "deposed": [],
                    "provider": ""
                },
                "aws_ebs_volume.k8s_etcd_ebs.3": {
                    "type": "aws_ebs_volume",
                    "depends_on": [
                        "data.aws_availability_zones.available",
                        "null_resource.k8s_cluster"
                    ],
                    "primary": {
                        "id": "vol-0001b29a8753c0f75",
                        "attributes": {
                            "availability_zone": "us-east-1d",
                            "encrypted": "true",
                            "id": "vol-0001b29a8753c0f75",
                            "kms_key_id": "arn:aws:kms:us-east-1:517449413234:key/d6d8a1c9-fca9-4ea0-b84f-e624f0a9c0d3",
                            "size": "20",
                            "snapshot_id": "",
                            "tags.%": "7",
                            "tags.Hostname": "us-east-1_jive-infra-pipeline-etcd4",
                            "tags.Jive_service": "us-east-1_jive-infra-pipeline",
                            "tags.Name": "pipeline-k8s_etcd-instance",
                            "tags.Pipeline_phase": "pipeline",
                            "tags.Region": "us-east-1",
                            "tags.SLA": "non-prod",
                            "tags.Service_component": "etcd",
                            "type": "gp2"
                        },
                        "meta": {},
                        "tainted": false
                    },
                    "deposed": [],
                    "provider": ""
                },
                "aws_ebs_volume.k8s_etcd_ebs.4": {
                    "type": "aws_ebs_volume",
                    "depends_on": [
                        "data.aws_availability_zones.available",
                        "null_resource.k8s_cluster"
                    ],
                    "primary": {
                        "id": "vol-0a0e2d4859ea10c48",
                        "attributes": {
                            "availability_zone": "us-east-1e",
                            "encrypted": "true",
                            "id": "vol-0a0e2d4859ea10c48",
                            "kms_key_id": "arn:aws:kms:us-east-1:517449413234:key/d6d8a1c9-fca9-4ea0-b84f-e624f0a9c0d3",
                            "size": "20",
                            "snapshot_id": "",
                            "tags.%": "7",
                            "tags.Hostname": "us-east-1_jive-infra-pipeline-etcd5",
                            "tags.Jive_service": "us-east-1_jive-infra-pipeline",
                            "tags.Name": "pipeline-k8s_etcd-instance",
                            "tags.Pipeline_phase": "pipeline",
                            "tags.Region": "us-east-1",
                            "tags.SLA": "non-prod",
                            "tags.Service_component": "etcd",
                            "type": "gp2"
                        },
                        "meta": {},
                        "tainted": false
                    },
                    "deposed": [],
                    "provider": ""
                },
                "aws_ebs_volume.k8s_master": {
                    "type": "aws_ebs_volume",
                    "depends_on": [
                        "null_resource.k8s_cluster"
                    ],
                    "primary": {
                        "id": "vol-0a51d2e192b896429",
                        "attributes": {
                            "availability_zone": "us-east-1a",
                            "encrypted": "true",
                            "id": "vol-0a51d2e192b896429",
                            "kms_key_id": "arn:aws:kms:us-east-1:517449413234:key/d6d8a1c9-fca9-4ea0-b84f-e624f0a9c0d3",
                            "size": "100",
                            "snapshot_id": "",
                            "tags.%": "7",
                            "tags.Hostname": "us-east-1_jive-infra-pipeline-master1",
                            "tags.Jive_service": "us-east-1_jive-infra-pipeline",
                            "tags.Name": "pipeline-k8s_master-instance",
                            "tags.Pipeline_phase": "pipeline",
                            "tags.Region": "us-east-1",
                            "tags.SLA": "non-prod",
                            "tags.Service_component": "k8s-master",
                            "type": "gp2"
                        },
                        "meta": {},
                        "tainted": false
                    },
                    "deposed": [],
                    "provider": ""
                },
                "aws_eip.k8s_etcd_eip.0": {
                    "type": "aws_eip",
                    "depends_on": [
                        "aws_network_interface.k8s_etcd.*"
                    ],
                    "primary": {
                        "id": "eipalloc-4c3e887f",
                        "attributes": {
                            "association_id": "eipassoc-26ae6613",
                            "domain": "vpc",
                            "id": "eipalloc-4c3e887f",
                            "instance": "i-0f245444d626f169d",
                            "network_interface": "eni-c023a1d7",
                            "private_ip": "10.124.64.100",
                            "public_ip": "34.231.144.15",
                            "vpc": "true"
                        },
                        "meta": {},
                        "tainted": false
                    },
                    "deposed": [],
                    "provider": ""
                },
                "aws_eip.k8s_etcd_eip.1": {
                    "type": "aws_eip",
                    "depends_on": [
                        "aws_network_interface.k8s_etcd.*"
                    ],
                    "primary": {
                        "id": "eipalloc-523c8a61",
                        "attributes": {
                            "association_id": "eipassoc-fca860c9",
                            "domain": "vpc",
                            "id": "eipalloc-523c8a61",
                            "instance": "i-08b38408c146d9099",
                            "network_interface": "eni-81a87a2f",
                            "private_ip": "10.124.67.140",
                            "public_ip": "34.232.59.233",
                            "vpc": "true"
                        },
                        "meta": {},
                        "tainted": false
                    },
                    "deposed": [],
                    "provider": ""
                },
                "aws_eip.k8s_etcd_eip.2": {
                    "type": "aws_eip",
                    "depends_on": [
                        "aws_network_interface.k8s_etcd.*"
                    ],
                    "primary": {
                        "id": "eipalloc-1a3d8b29",
                        "attributes": {
                            "association_id": "eipassoc-feab63cb",
                            "domain": "vpc",
                            "id": "eipalloc-1a3d8b29",
                            "instance": "i-0e600dc661bcb3f06",
                            "network_interface": "eni-52632580",
                            "private_ip": "10.124.68.64",
                            "public_ip": "52.7.119.123",
                            "vpc": "true"
                        },
                        "meta": {},
                        "tainted": false
                    },
                    "deposed": [],
                    "provider": ""
                },
                "aws_eip.k8s_etcd_eip.3": {
                    "type": "aws_eip",
                    "depends_on": [
                        "aws_network_interface.k8s_etcd.*"
                    ],
                    "primary": {
                        "id": "eipalloc-ef3e88dc",
                        "attributes": {
                            "association_id": "eipassoc-a6a96193",
                            "domain": "vpc",
                            "id": "eipalloc-ef3e88dc",
                            "instance": "i-0db9172f123a6f33f",
                            "network_interface": "eni-8c72eb24",
                            "private_ip": "10.124.71.134",
                            "public_ip": "52.86.211.1",
                            "vpc": "true"
                        },
                        "meta": {},
                        "tainted": false
                    },
                    "deposed": [],
                    "provider": ""
                },
                "aws_eip.k8s_etcd_eip.4": {
                    "type": "aws_eip",
                    "depends_on": [
                        "aws_network_interface.k8s_etcd.*"
                    ],
                    "primary": {
                        "id": "eipalloc-243e8817",
                        "attributes": {
                            "association_id": "eipassoc-3caa6209",
                            "domain": "vpc",
                            "id": "eipalloc-243e8817",
                            "instance": "i-05ed429dbc9762e8e",
                            "network_interface": "eni-5a0eaf5a",
                            "private_ip": "10.124.72.159",
                            "public_ip": "34.231.101.177",
                            "vpc": "true"
                        },
                        "meta": {},
                        "tainted": false
                    },
                    "deposed": [],
                    "provider": ""
                },
                "aws_eip.k8s_master_eip": {
                    "type": "aws_eip",
                    "depends_on": [],
                    "primary": {
                        "id": "eipalloc-b930868a",
                        "attributes": {
                            "association_id": "",
                            "domain": "vpc",
                            "id": "eipalloc-b930868a",
                            "instance": "",
                            "network_interface": "",
                            "private_ip": "",
                            "public_ip": "34.225.81.206",
                            "vpc": "true"
                        },
                        "meta": {},
                        "tainted": false
                    },
                    "deposed": [],
                    "provider": ""
                },
                "aws_elb.k8s_master": {
                    "type": "aws_elb",
                    "depends_on": [
                        "aws_security_group.k8s_master_instance",
                        "null_resource.k8s_cluster"
                    ],
                    "primary": {
                        "id": "pipeline-k8s-master-elb",
                        "attributes": {
                            "access_logs.#": "0",
                            "availability_zones.#": "1",
                            "availability_zones.3569565595": "us-east-1a",
                            "connection_draining": "false",
                            "connection_draining_timeout": "300",
                            "cross_zone_load_balancing": "true",
                            "dns_name": "internal-pipeline-k8s-master-elb-1226118363.us-east-1.elb.amazonaws.com",
                            "health_check.#": "1",
                            "health_check.0.healthy_threshold": "2",
                            "health_check.0.interval": "30",
                            "health_check.0.target": "TCP:443",
                            "health_check.0.timeout": "3",
                            "health_check.0.unhealthy_threshold": "2",
                            "id": "pipeline-k8s-master-elb",
                            "idle_timeout": "1800",
                            "instances.#": "1",
                            "instances.3365176951": "i-0f2b376a1f4b58963",
                            "internal": "true",
                            "listener.#": "1",
                            "listener.610193557.instance_port": "443",
                            "listener.610193557.instance_protocol": "tcp",
                            "listener.610193557.lb_port": "443",
                            "listener.610193557.lb_protocol": "tcp",
                            "listener.610193557.ssl_certificate_id": "",
                            "name": "pipeline-k8s-master-elb",
                            "security_groups.#": "2",
                            "security_groups.1148747401": "sg-e59a9d94",
                            "security_groups.889419319": "sg-2c9be65d",
                            "source_security_group": "517449413234/pipeline-instance",
                            "source_security_group_id": "sg-2c9be65d",
                            "subnets.#": "1",
                            "subnets.1451524630": "subnet-6924c10d",
                            "tags.%": "7",
                            "tags.Hostname": "us-east-1_jive-infra-pipeline-master1",
                            "tags.Jive_service": "us-east-1_jive-infra-pipeline",
                            "tags.Name": "pipeline-k8s_master-elb",
                            "tags.Pipeline_phase": "pipeline",
                            "tags.Region": "us-east-1",
                            "tags.SLA": "non-prod",
                            "tags.Service_component": "k8s-master",
                            "zone_id": "Z35SXDOTRQ7X7K"
                        },
                        "meta": {},
                        "tainted": false
                    },
                    "deposed": [],
                    "provider": ""
                },
                "aws_iam_instance_profile.k8s-master": {
                    "type": "aws_iam_instance_profile",
                    "depends_on": [
                        "aws_iam_role.k8s-master",
                        "null_resource.k8s_cluster"
                    ],
                    "primary": {
                        "id": "us-east-1_jive-infra-pipeline-k8s-master-profile",
                        "attributes": {
                            "arn": "arn:aws:iam::517449413234:instance-profile/us-east-1_jive-infra-pipeline-k8s-master-profile",
                            "id": "us-east-1_jive-infra-pipeline-k8s-master-profile",
                            "name": "us-east-1_jive-infra-pipeline-k8s-master-profile",
                            "path": "/",
                            "role": "us-east-1_jive-infra-pipeline-master-role",
                            "roles.#": "1",
                            "roles.2038269843": "us-east-1_jive-infra-pipeline-master-role",
                            "unique_id": "AIPAJJ4IMCNMPDEGXH55W"
                        },
                        "meta": {},
                        "tainted": false
                    },
                    "deposed": [],
                    "provider": ""
                },
                "aws_iam_instance_profile.k8s-node": {
                    "type": "aws_iam_instance_profile",
                    "depends_on": [
                        "aws_iam_role.k8s-node",
                        "null_resource.k8s_cluster"
                    ],
                    "primary": {
                        "id": "us-east-1_jive-infra-pipeline-k8s-node-profile",
                        "attributes": {
                            "arn": "arn:aws:iam::517449413234:instance-profile/us-east-1_jive-infra-pipeline-k8s-node-profile",
                            "id": "us-east-1_jive-infra-pipeline-k8s-node-profile",
                            "name": "us-east-1_jive-infra-pipeline-k8s-node-profile",
                            "path": "/",
                            "role": "us-east-1_jive-infra-pipeline-node-role",
                            "roles.#": "1",
                            "roles.3803886028": "us-east-1_jive-infra-pipeline-node-role",
                            "unique_id": "AIPAJN5VPGCR36DZRXFXK"
                        },
                        "meta": {},
                        "tainted": false
                    },
                    "deposed": [],
                    "provider": ""
                },
                "aws_iam_role.k8s-master": {
                    "type": "aws_iam_role",
                    "depends_on": [
                        "null_resource.k8s_cluster"
                    ],
                    "primary": {
                        "id": "us-east-1_jive-infra-pipeline-master-role",
                        "attributes": {
                            "arn": "arn:aws:iam::517449413234:role/us-east-1_jive-infra-pipeline-master-role",
                            "assume_role_policy": "{\"Version\":\"2012-10-17\",\"Statement\":[{\"Sid\":\"\",\"Effect\":\"Allow\",\"Principal\":{\"Service\":\"ec2.amazonaws.com\"},\"Action\":\"sts:AssumeRole\"}]}",
                            "create_date": "2017-07-27T20:41:58Z",
                            "id": "us-east-1_jive-infra-pipeline-master-role",
                            "name": "us-east-1_jive-infra-pipeline-master-role",
                            "path": "/",
                            "unique_id": "AROAJORNTL6RBEEOCHRQK"
                        },
                        "meta": {},
                        "tainted": false
                    },
                    "deposed": [],
                    "provider": ""
                },
                "aws_iam_role.k8s-node": {
                    "type": "aws_iam_role",
                    "depends_on": [
                        "null_resource.k8s_cluster"
                    ],
                    "primary": {
                        "id": "us-east-1_jive-infra-pipeline-node-role",
                        "attributes": {
                            "arn": "arn:aws:iam::517449413234:role/us-east-1_jive-infra-pipeline-node-role",
                            "assume_role_policy": "{\"Version\":\"2012-10-17\",\"Statement\":[{\"Sid\":\"\",\"Effect\":\"Allow\",\"Principal\":{\"Service\":\"ec2.amazonaws.com\"},\"Action\":\"sts:AssumeRole\"}]}",
                            "create_date": "2017-07-27T20:41:58Z",
                            "id": "us-east-1_jive-infra-pipeline-node-role",
                            "name": "us-east-1_jive-infra-pipeline-node-role",
                            "path": "/",
                            "unique_id": "AROAJDJ4E2NWHLE7ZZAKW"
                        },
                        "meta": {},
                        "tainted": false
                    },
                    "deposed": [],
                    "provider": ""
                },
                "aws_iam_role_policy.k8s-master": {
                    "type": "aws_iam_role_policy",
                    "depends_on": [
                        "aws_iam_role.k8s-master",
                        "null_resource.k8s_cluster"
                    ],
                    "primary": {
                        "id": "us-east-1_jive-infra-pipeline-master-role:us-east-1_jive-infra-pipeline-master-policy",
                        "attributes": {
                            "id": "us-east-1_jive-infra-pipeline-master-role:us-east-1_jive-infra-pipeline-master-policy",
                            "name": "us-east-1_jive-infra-pipeline-master-policy",
                            "policy": "{\n    \"Version\": \"2012-10-17\",\n    \"Statement\": [\n        {\n            \"Effect\": \"Allow\",\n            \"Action\": [\"ec2:*\"],\n            \"Resource\": [\"*\"]\n        },\n        {\n            \"Effect\": \"Allow\",\n            \"Action\": [\"elasticloadbalancing:*\"],\n            \"Resource\": [\"*\"]\n        },\n        {\n            \"Effect\": \"Allow\",\n            \"Action\": [\n                \"ec2:Describe*\",\n                \"ec2:AttachVolume\",\n                \"ec2:DetachVolume\",\n                \"route53:ListHostedZones\",\n                \"route53:ListResourceRecordSets\",\n                \"rds:Describe*\",\n                \"elasticache:Describe*\",\n                \"s3:GetObject\",\n                \"s3:PutObject\",\n                \"s3:ListAllMyBuckets\",\n                \"s3:ListBucket\",\n                \"s3:GetBucketLocation\"\n            ],\n            \"Resource\": \"*\"\n        }\n    ]\n}\n",
                            "role": "us-east-1_jive-infra-pipeline-master-role"
                        },
                        "meta": {},
                        "tainted": false
                    },
                    "deposed": [],
                    "provider": ""
                },
                "aws_iam_role_policy.k8s-node": {
                    "type": "aws_iam_role_policy",
                    "depends_on": [
                        "aws_iam_role.k8s-node",
                        "null_resource.k8s_cluster"
                    ],
                    "primary": {
                        "id": "us-east-1_jive-infra-pipeline-node-role:us-east-1_jive-infra-pipeline-node-policy",
                        "attributes": {
                            "id": "us-east-1_jive-infra-pipeline-node-role:us-east-1_jive-infra-pipeline-node-policy",
                            "name": "us-east-1_jive-infra-pipeline-node-policy",
                            "policy": "{\n    \"Version\": \"2012-10-17\",\n    \"Statement\": [\n        {\n            \"Effect\": \"Allow\",\n            \"Action\": [\n                \"ec2:Describe*\",\n                \"ec2:AttachVolume\",\n                \"ec2:DetachVolume\",\n                \"ec2:AttachNetworkInterface\",\n                \"ec2:DetachNetworkInterface\",\n                \"route53:ListHostedZones\",\n                \"route53:ListResourceRecordSets\",\n                \"rds:Describe*\",\n                \"elasticache:Describe*\",\n                \"s3:GetObject\",\n                \"s3:ListAllMyBuckets\",\n                \"s3:ListBucket\",\n                \"s3:PutObject\",\n                \"s3:CreateBucket\",\n                \"s3:GetBucketLocation\"\n            ],\n            \"Resource\": \"*\"\n        }\n    ]\n}\n",
                            "role": "us-east-1_jive-infra-pipeline-node-role"
                        },
                        "meta": {},
                        "tainted": false
                    },
                    "deposed": [],
                    "provider": ""
                },
                "aws_launch_configuration.k8s_etcd": {
                    "type": "aws_launch_configuration",
                    "depends_on": [
                        "aws_iam_instance_profile.k8s-node",
                        "aws_security_group.k8s_etcd_instance",
                        "data.template_file.cloud_config"
                    ],
                    "primary": {
                        "id": "terraform-0098a2ea7f4fc4e4b0f382369b",
                        "attributes": {
                            "associate_public_ip_address": "false",
                            "ebs_block_device.#": "0",
                            "ebs_optimized": "false",
                            "enable_monitoring": "true",
                            "ephemeral_block_device.#": "0",
                            "iam_instance_profile": "us-east-1_jive-infra-pipeline-k8s-node-profile",
                            "id": "terraform-0098a2ea7f4fc4e4b0f382369b",
                            "image_id": "ami-61659e77",
                            "instance_type": "t2.medium",
                            "key_name": "infra-pipeline",
                            "name": "terraform-0098a2ea7f4fc4e4b0f382369b",
                            "root_block_device.#": "1",
                            "root_block_device.0.delete_on_termination": "true",
                            "root_block_device.0.iops": "0",
                            "root_block_device.0.volume_size": "20",
                            "root_block_device.0.volume_type": "gp2",
                            "security_groups.#": "2",
                            "security_groups.3306646766": "sg-929d9ae3",
                            "security_groups.889419319": "sg-2c9be65d",
                            "spot_price": "",
                            "user_data": "c8631a7aa8ac20351b9ff4afb335588f1978d55b",
                            "vpc_classic_link_id": "",
                            "vpc_classic_link_security_groups.#": "0"
                        },
                        "meta": {},
                        "tainted": false
                    },
                    "deposed": [],
                    "provider": ""
                },
                "aws_launch_configuration.k8s_master": {
                    "type": "aws_launch_configuration",
                    "depends_on": [
                        "aws_iam_instance_profile.k8s-master",
                        "aws_security_group.k8s_master_instance",
                        "data.template_file.cloud_config"
                    ],
                    "primary": {
                        "id": "terraform-0098a2ea7f4fc4e4b0f382369c",
                        "attributes": {
                            "associate_public_ip_address": "false",
                            "ebs_block_device.#": "0",
                            "ebs_optimized": "false",
                            "enable_monitoring": "true",
                            "ephemeral_block_device.#": "0",
                            "iam_instance_profile": "us-east-1_jive-infra-pipeline-k8s-master-profile",
                            "id": "terraform-0098a2ea7f4fc4e4b0f382369c",
                            "image_id": "ami-61659e77",
                            "instance_type": "m4.xlarge",
                            "key_name": "infra-pipeline",
                            "name": "terraform-0098a2ea7f4fc4e4b0f382369c",
                            "root_block_device.#": "1",
                            "root_block_device.0.delete_on_termination": "true",
                            "root_block_device.0.iops": "0",
                            "root_block_device.0.volume_size": "100",
                            "root_block_device.0.volume_type": "gp2",
                            "security_groups.#": "2",
                            "security_groups.1148747401": "sg-e59a9d94",
                            "security_groups.889419319": "sg-2c9be65d",
                            "spot_price": "",
                            "user_data": "c8631a7aa8ac20351b9ff4afb335588f1978d55b",
                            "vpc_classic_link_id": "",
                            "vpc_classic_link_security_groups.#": "0"
                        },
                        "meta": {},
                        "tainted": false
                    },
                    "deposed": [],
                    "provider": ""
                },
                "aws_launch_configuration.k8s_worker": {
                    "type": "aws_launch_configuration",
                    "depends_on": [
                        "aws_iam_instance_profile.k8s-node",
                        "aws_security_group.k8s_worker_instance",
                        "data.template_file.cloud_config"
                    ],
                    "primary": {
                        "id": "terraform-0098a2ea7f4fc4e4b0f382369d",
                        "attributes": {
                            "associate_public_ip_address": "false",
                            "ebs_block_device.#": "0",
                            "ebs_optimized": "false",
                            "enable_monitoring": "true",
                            "ephemeral_block_device.#": "0",
                            "iam_instance_profile": "us-east-1_jive-infra-pipeline-k8s-node-profile",
                            "id": "terraform-0098a2ea7f4fc4e4b0f382369d",
                            "image_id": "ami-61659e77",
                            "instance_type": "t2.medium",
                            "key_name": "infra-pipeline",
                            "name": "terraform-0098a2ea7f4fc4e4b0f382369d",
                            "root_block_device.#": "1",
                            "root_block_device.0.delete_on_termination": "true",
                            "root_block_device.0.iops": "0",
                            "root_block_device.0.volume_size": "50",
                            "root_block_device.0.volume_type": "gp2",
                            "security_groups.#": "2",
                            "security_groups.797601774": "sg-cb999eba",
                            "security_groups.889419319": "sg-2c9be65d",
                            "spot_price": "",
                            "user_data": "c8631a7aa8ac20351b9ff4afb335588f1978d55b",
                            "vpc_classic_link_id": "",
                            "vpc_classic_link_security_groups.#": "0"
                        },
                        "meta": {},
                        "tainted": false
                    },
                    "deposed": [],
                    "provider": ""
                },
                "aws_network_interface.k8s_etcd.0": {
                    "type": "aws_network_interface",
                    "depends_on": [
                        "aws_security_group.k8s_etcd_instance",
                        "data.aws_subnet.natdc.*",
                        "null_resource.k8s_cluster"
                    ],
                    "primary": {
                        "id": "eni-c023a1d7",
                        "attributes": {
                            "attachment.#": "1",
                            "attachment.1216117460.attachment_id": "eni-attach-50374ec8",
                            "attachment.1216117460.device_index": "1",
                            "attachment.1216117460.instance": "i-0f245444d626f169d",
                            "description": "",
                            "id": "eni-c023a1d7",
                            "private_ip": "10.124.64.100",
                            "private_ips.#": "1",
                            "private_ips.384980458": "10.124.64.100",
                            "security_groups.#": "2",
                            "security_groups.3306646766": "sg-929d9ae3",
                            "security_groups.889419319": "sg-2c9be65d",
                            "source_dest_check": "true",
                            "subnet_id": "subnet-6924c10d",
                            "tags.%": "8",
                            "tags.Hostname": "us-east-1_jive-infra-pipeline-etcd1",
                            "tags.Jive_service": "us-east-1_jive-infra-pipeline",
                            "tags.KubernetesCluster": "us-east-1_jive-infra-pipeline",
                            "tags.Name": "pipeline-k8s-etcd-instance",
                            "tags.Pipeline_phase": "pipeline",
                            "tags.Region": "us-east-1",
                            "tags.SLA": "non-prod",
                            "tags.Service_component": "k8s-etcd"
                        },
                        "meta": {},
                        "tainted": false
                    },
                    "deposed": [],
                    "provider": ""
                },
                "aws_network_interface.k8s_etcd.1": {
                    "type": "aws_network_interface",
                    "depends_on": [
                        "aws_security_group.k8s_etcd_instance",
                        "data.aws_subnet.natdc.*",
                        "null_resource.k8s_cluster"
                    ],
                    "primary": {
                        "id": "eni-81a87a2f",
                        "attributes": {
                            "attachment.#": "1",
                            "attachment.1927442137.attachment_id": "eni-attach-26167bc4",
                            "attachment.1927442137.device_index": "1",
                            "attachment.1927442137.instance": "i-08b38408c146d9099",
                            "description": "",
                            "id": "eni-81a87a2f",
                            "private_ip": "10.124.67.140",
                            "private_ips.#": "1",
                            "private_ips.893315646": "10.124.67.140",
                            "security_groups.#": "2",
                            "security_groups.3306646766": "sg-929d9ae3",
                            "security_groups.889419319": "sg-2c9be65d",
                            "source_dest_check": "true",
                            "subnet_id": "subnet-10fd683c",
                            "tags.%": "8",
                            "tags.Hostname": "us-east-1_jive-infra-pipeline-etcd2",
                            "tags.Jive_service": "us-east-1_jive-infra-pipeline",
                            "tags.KubernetesCluster": "us-east-1_jive-infra-pipeline",
                            "tags.Name": "pipeline-k8s-etcd-instance",
                            "tags.Pipeline_phase": "pipeline",
                            "tags.Region": "us-east-1",
                            "tags.SLA": "non-prod",
                            "tags.Service_component": "k8s-etcd"
                        },
                        "meta": {},
                        "tainted": false
                    },
                    "deposed": [],
                    "provider": ""
                },
                "aws_network_interface.k8s_etcd.2": {
                    "type": "aws_network_interface",
                    "depends_on": [
                        "aws_security_group.k8s_etcd_instance",
                        "data.aws_subnet.natdc.*",
                        "null_resource.k8s_cluster"
                    ],
                    "primary": {
                        "id": "eni-52632580",
                        "attributes": {
                            "attachment.#": "1",
                            "attachment.1312096411.attachment_id": "eni-attach-2b8d38cf",
                            "attachment.1312096411.device_index": "1",
                            "attachment.1312096411.instance": "i-0e600dc661bcb3f06",
                            "description": "",
                            "id": "eni-52632580",
                            "private_ip": "10.124.68.64",
                            "private_ips.#": "1",
                            "private_ips.2466919087": "10.124.68.64",
                            "security_groups.#": "2",
                            "security_groups.3306646766": "sg-929d9ae3",
                            "security_groups.889419319": "sg-2c9be65d",
                            "source_dest_check": "true",
                            "subnet_id": "subnet-1cb9f454",
                            "tags.%": "8",
                            "tags.Hostname": "us-east-1_jive-infra-pipeline-etcd3",
                            "tags.Jive_service": "us-east-1_jive-infra-pipeline",
                            "tags.KubernetesCluster": "us-east-1_jive-infra-pipeline",
                            "tags.Name": "pipeline-k8s-etcd-instance",
                            "tags.Pipeline_phase": "pipeline",
                            "tags.Region": "us-east-1",
                            "tags.SLA": "non-prod",
                            "tags.Service_component": "k8s-etcd"
                        },
                        "meta": {},
                        "tainted": false
                    },
                    "deposed": [],
                    "provider": ""
                },
                "aws_network_interface.k8s_etcd.3": {
                    "type": "aws_network_interface",
                    "depends_on": [
                        "aws_security_group.k8s_etcd_instance",
                        "data.aws_subnet.natdc.*",
                        "null_resource.k8s_cluster"
                    ],
                    "primary": {
                        "id": "eni-8c72eb24",
                        "attributes": {
                            "attachment.#": "1",
                            "attachment.13656132.attachment_id": "eni-attach-b136b5bf",
                            "attachment.13656132.device_index": "1",
                            "attachment.13656132.instance": "i-0db9172f123a6f33f",
                            "description": "",
                            "id": "eni-8c72eb24",
                            "private_ip": "10.124.71.134",
                            "private_ips.#": "1",
                            "private_ips.957259493": "10.124.71.134",
                            "security_groups.#": "2",
                            "security_groups.3306646766": "sg-929d9ae3",
                            "security_groups.889419319": "sg-2c9be65d",
                            "source_dest_check": "true",
                            "subnet_id": "subnet-f7901dad",
                            "tags.%": "8",
                            "tags.Hostname": "us-east-1_jive-infra-pipeline-etcd4",
                            "tags.Jive_service": "us-east-1_jive-infra-pipeline",
                            "tags.KubernetesCluster": "us-east-1_jive-infra-pipeline",
                            "tags.Name": "pipeline-k8s-etcd-instance",
                            "tags.Pipeline_phase": "pipeline",
                            "tags.Region": "us-east-1",
                            "tags.SLA": "non-prod",
                            "tags.Service_component": "k8s-etcd"
                        },
                        "meta": {},
                        "tainted": false
                    },
                    "deposed": [],
                    "provider": ""
                },
                "aws_network_interface.k8s_etcd.4": {
                    "type": "aws_network_interface",
                    "depends_on": [
                        "aws_security_group.k8s_etcd_instance",
                        "data.aws_subnet.natdc.*",
                        "null_resource.k8s_cluster"
                    ],
                    "primary": {
                        "id": "eni-5a0eaf5a",
                        "attributes": {
                            "attachment.#": "1",
                            "attachment.3671201126.attachment_id": "eni-attach-99e82e7a",
                            "attachment.3671201126.device_index": "1",
                            "attachment.3671201126.instance": "i-05ed429dbc9762e8e",
                            "description": "",
                            "id": "eni-5a0eaf5a",
                            "private_ip": "10.124.72.159",
                            "private_ips.#": "1",
                            "private_ips.1447378702": "10.124.72.159",
                            "security_groups.#": "2",
                            "security_groups.3306646766": "sg-929d9ae3",
                            "security_groups.889419319": "sg-2c9be65d",
                            "source_dest_check": "true",
                            "subnet_id": "subnet-7cc5c240",
                            "tags.%": "8",
                            "tags.Hostname": "us-east-1_jive-infra-pipeline-etcd5",
                            "tags.Jive_service": "us-east-1_jive-infra-pipeline",
                            "tags.KubernetesCluster": "us-east-1_jive-infra-pipeline",
                            "tags.Name": "pipeline-k8s-etcd-instance",
                            "tags.Pipeline_phase": "pipeline",
                            "tags.Region": "us-east-1",
                            "tags.SLA": "non-prod",
                            "tags.Service_component": "k8s-etcd"
                        },
                        "meta": {},
                        "tainted": false
                    },
                    "deposed": [],
                    "provider": ""
                },
                "aws_s3_bucket.logging": {
                    "type": "aws_s3_bucket",
                    "depends_on": [
                        "data.aws_iam_policy_document.logging"
                    ],
                    "primary": {
                        "id": "us-east-1-jive-infra-pipeline-logs",
                        "attributes": {
                            "acceleration_status": "",
                            "acl": "private",
                            "arn": "arn:aws:s3:::us-east-1-jive-infra-pipeline-logs",
                            "bucket": "us-east-1-jive-infra-pipeline-logs",
                            "bucket_domain_name": "us-east-1-jive-infra-pipeline-logs.s3.amazonaws.com",
                            "force_destroy": "false",
                            "hosted_zone_id": "Z3AQBSTGFYJSTF",
                            "id": "us-east-1-jive-infra-pipeline-logs",
                            "logging.#": "0",
                            "policy": "{\"Statement\":[{\"Action\":\"s3:PutObject\",\"Effect\":\"Allow\",\"Principal\":{\"AWS\":[\"arn:aws:iam::517449413234:role/us-east-1_jive-infra-pipeline-master-role\",\"arn:aws:iam::517449413234:role/us-east-1_jive-infra-pipeline-node-role\"]},\"Resource\":\"arn:aws:s3:::us-east-1-jive-infra-pipeline-logs/*\",\"Sid\":\"Logs\"}],\"Version\":\"2012-10-17\"}",
                            "region": "us-east-1",
                            "request_payer": "BucketOwner",
                            "tags.%": "5",
                            "tags.KubernetesCluster": "us-east-1_jive-infra-pipeline",
                            "tags.Name": "us-east-1-jive-infra-pipeline-logs",
                            "tags.pipeline_phase": "pipeline",
                            "tags.region": "us-east-1",
                            "tags.service_component": "logs",
                            "versioning.#": "1",
                            "versioning.0.enabled": "false",
                            "versioning.0.mfa_delete": "false",
                            "website.#": "0"
                        },
                        "meta": {},
                        "tainted": false
                    },
                    "deposed": [],
                    "provider": ""
                },
                "aws_security_group.k8s_etcd_instance": {
                    "type": "aws_security_group",
                    "depends_on": [
                        "aws_security_group.k8s_master_instance",
                        "aws_security_group.k8s_worker_instance",
                        "null_resource.k8s_cluster"
                    ],
                    "primary": {
                        "id": "sg-929d9ae3",
                        "attributes": {
                            "description": "Access to K8S etcd nodes",
                            "egress.#": "0",
                            "id": "sg-929d9ae3",
                            "ingress.#": "2",
                            "ingress.1066073597.cidr_blocks.#": "0",
                            "ingress.1066073597.from_port": "2379",
                            "ingress.1066073597.ipv6_cidr_blocks.#": "0",
                            "ingress.1066073597.protocol": "tcp",
                            "ingress.1066073597.security_groups.#": "2",
                            "ingress.1066073597.security_groups.1148747401": "sg-e59a9d94",
                            "ingress.1066073597.security_groups.797601774": "sg-cb999eba",
                            "ingress.1066073597.self": "true",
                            "ingress.1066073597.to_port": "2379",
                            "ingress.469479271.cidr_blocks.#": "0",
                            "ingress.469479271.from_port": "2380",
                            "ingress.469479271.ipv6_cidr_blocks.#": "0",
                            "ingress.469479271.protocol": "tcp",
                            "ingress.469479271.security_groups.#": "2",
                            "ingress.469479271.security_groups.1148747401": "sg-e59a9d94",
                            "ingress.469479271.security_groups.797601774": "sg-cb999eba",
                            "ingress.469479271.self": "true",
                            "ingress.469479271.to_port": "2380",
                            "name": "us-east-1_jive-infra-pipeline-kubernetes-etcd-instance",
                            "owner_id": "517449413234",
                            "tags.%": "6",
                            "tags.Name": "us-east-1_jive-infra-pipeline-etcd-instance",
                            "tags.jive_service": "k8s",
                            "tags.pipeline_phase": "pipeline",
                            "tags.region": "us-east-1",
                            "tags.service_component": "k8s-etcd",
                            "tags.sla": "non-prod",
                            "vpc_id": "vpc-8d1182f4"
                        },
                        "meta": {},
                        "tainted": false
                    },
                    "deposed": [],
                    "provider": ""
                },
                "aws_security_group.k8s_master_instance": {
                    "type": "aws_security_group",
                    "depends_on": [
                        "null_resource.k8s_cluster"
                    ],
                    "primary": {
                        "id": "sg-e59a9d94",
                        "attributes": {
                            "description": "Access to K8S Master nodes",
                            "egress.#": "0",
                            "id": "sg-e59a9d94",
                            "ingress.#": "3",
                            "ingress.2613945627.cidr_blocks.#": "1",
                            "ingress.2613945627.cidr_blocks.0": "10.124.64.0/20",
                            "ingress.2613945627.from_port": "8080",
                            "ingress.2613945627.ipv6_cidr_blocks.#": "0",
                            "ingress.2613945627.protocol": "tcp",
                            "ingress.2613945627.security_groups.#": "0",
                            "ingress.2613945627.self": "true",
                            "ingress.2613945627.to_port": "8080",
                            "ingress.3458787028.cidr_blocks.#": "0",
                            "ingress.3458787028.from_port": "0",
                            "ingress.3458787028.ipv6_cidr_blocks.#": "0",
                            "ingress.3458787028.protocol": "-1",
                            "ingress.3458787028.security_groups.#": "1",
                            "ingress.3458787028.security_groups.797601774": "sg-cb999eba",
                            "ingress.3458787028.self": "false",
                            "ingress.3458787028.to_port": "0",
                            "ingress.691539513.cidr_blocks.#": "1",
                            "ingress.691539513.cidr_blocks.0": "10.0.0.0/8",
                            "ingress.691539513.from_port": "443",
                            "ingress.691539513.ipv6_cidr_blocks.#": "0",
                            "ingress.691539513.protocol": "tcp",
                            "ingress.691539513.security_groups.#": "0",
                            "ingress.691539513.self": "true",
                            "ingress.691539513.to_port": "443",
                            "name": "us-east-1_jive-infra-pipeline-master-instance",
                            "owner_id": "517449413234",
                            "tags.%": "6",
                            "tags.Name": "us-east-1_jive-infra-pipeline-master-instance",
                            "tags.jive_service": "k8s",
                            "tags.pipeline_phase": "pipeline",
                            "tags.region": "us-east-1",
                            "tags.service_component": "k8s-master",
                            "tags.sla": "non-prod",
                            "vpc_id": "vpc-8d1182f4"
                        },
                        "meta": {},
                        "tainted": false
                    },
                    "deposed": [],
                    "provider": ""
                },
                "aws_security_group.k8s_worker_instance": {
                    "type": "aws_security_group",
                    "depends_on": [
                        "aws_security_group.k8s_master_instance",
                        "null_resource.k8s_cluster"
                    ],
                    "primary": {
                        "id": "sg-cb999eba",
                        "attributes": {
                            "description": "Allow traffic to K8S worker nodes",
                            "egress.#": "0",
                            "id": "sg-cb999eba",
                            "ingress.#": "2",
                            "ingress.3149871087.cidr_blocks.#": "0",
                            "ingress.3149871087.from_port": "0",
                            "ingress.3149871087.ipv6_cidr_blocks.#": "0",
                            "ingress.3149871087.protocol": "-1",
                            "ingress.3149871087.security_groups.#": "1",
                            "ingress.3149871087.security_groups.1148747401": "sg-e59a9d94",
                            "ingress.3149871087.self": "true",
                            "ingress.3149871087.to_port": "0",
                            "ingress.4152525982.cidr_blocks.#": "1",
                            "ingress.4152525982.cidr_blocks.0": "10.124.64.0/20",
                            "ingress.4152525982.from_port": "30000",
                            "ingress.4152525982.ipv6_cidr_blocks.#": "0",
                            "ingress.4152525982.protocol": "tcp",
                            "ingress.4152525982.security_groups.#": "0",
                            "ingress.4152525982.self": "false",
                            "ingress.4152525982.to_port": "32767",
                            "name": "us-east-1_jive-infra-pipeline-worker-instance",
                            "owner_id": "517449413234",
                            "tags.%": "7",
                            "tags.KubernetesCluster": "us-east-1_jive-infra-pipeline",
                            "tags.Name": "us-east-1_jive-infra-pipeline-worker-instance",
                            "tags.jive_service": "k8s",
                            "tags.pipeline_phase": "pipeline",
                            "tags.region": "us-east-1",
                            "tags.service_component": "k8s-worker",
                            "tags.sla": "non-prod",
                            "vpc_id": "vpc-8d1182f4"
                        },
                        "meta": {},
                        "tainted": false
                    },
                    "deposed": [],
                    "provider": ""
                },
                "aws_security_group_rule.k8s_master_instance": {
                    "type": "aws_security_group_rule",
                    "depends_on": [
                        "aws_security_group.k8s_master_instance",
                        "aws_security_group.k8s_worker_instance"
                    ],
                    "primary": {
                        "id": "sgrule-1415854147",
                        "attributes": {
                            "cidr_blocks.#": "0",
                            "from_port": "0",
                            "id": "sgrule-1415854147",
                            "ipv6_cidr_blocks.#": "0",
                            "prefix_list_ids.#": "0",
                            "protocol": "-1",
                            "security_group_id": "sg-e59a9d94",
                            "self": "false",
                            "source_security_group_id": "sg-cb999eba",
                            "to_port": "0",
                            "type": "ingress"
                        },
                        "meta": {
                            "schema_version": "2"
                        },
                        "tainted": false
                    },
                    "deposed": [],
                    "provider": ""
                },
                "aws_security_group_rule.k8s_worker_instance": {
                    "type": "aws_security_group_rule",
                    "depends_on": [
                        "aws_security_group.k8s_worker_instance"
                    ],
                    "primary": {
                        "id": "sgrule-1803293406",
                        "attributes": {
                            "cidr_blocks.#": "1",
                            "cidr_blocks.0": "10.124.64.0/20",
                            "from_port": "30000",
                            "id": "sgrule-1803293406",
                            "ipv6_cidr_blocks.#": "0",
                            "prefix_list_ids.#": "0",
                            "protocol": "tcp",
                            "security_group_id": "sg-cb999eba",
                            "self": "false",
                            "to_port": "32767",
                            "type": "ingress"
                        },
                        "meta": {
                            "schema_version": "2"
                        },
                        "tainted": false
                    },
                    "deposed": [],
                    "provider": ""
                },
                "data.aws_availability_zones.available": {
                    "type": "aws_availability_zones",
                    "depends_on": [],
                    "primary": {
                        "id": "2017-08-01 23:38:53.661003393 +0000 UTC",
                        "attributes": {
                            "id": "2017-08-01 23:38:53.661003393 +0000 UTC",
                            "names.#": "6",
                            "names.0": "us-east-1a",
                            "names.1": "us-east-1b",
                            "names.2": "us-east-1c",
                            "names.3": "us-east-1d",
                            "names.4": "us-east-1e",
                            "names.5": "us-east-1f"
                        },
                        "meta": {},
                        "tainted": false
                    },
                    "deposed": [],
                    "provider": ""
                },
                "data.aws_iam_policy_document.logging": {
                    "type": "aws_iam_policy_document",
                    "depends_on": [
                        "aws_iam_role.k8s-master",
                        "aws_iam_role.k8s-node"
                    ],
                    "primary": {
                        "id": "1596967378",
                        "attributes": {
                            "id": "1596967378",
                            "json": "{\n  \"Version\": \"2012-10-17\",\n  \"Statement\": [\n    {\n      \"Sid\": \"Logs\",\n      \"Effect\": \"Allow\",\n      \"Action\": \"s3:PutObject\",\n      \"Resource\": \"arn:aws:s3:::us-east-1-jive-infra-pipeline-logs/*\",\n      \"Principal\": {\n        \"AWS\": [\n          \"arn:aws:iam::517449413234:role/us-east-1_jive-infra-pipeline-node-role\",\n          \"arn:aws:iam::517449413234:role/us-east-1_jive-infra-pipeline-master-role\"\n        ]\n      }\n    }\n  ]\n}",
                            "statement.#": "1",
                            "statement.0.actions.#": "1",
                            "statement.0.actions.315547055": "s3:PutObject",
                            "statement.0.condition.#": "0",
                            "statement.0.effect": "Allow",
                            "statement.0.not_actions.#": "0",
                            "statement.0.not_principals.#": "0",
                            "statement.0.not_resources.#": "0",
                            "statement.0.principals.#": "1",
                            "statement.0.principals.4141960832.identifiers.#": "2",
                            "statement.0.principals.4141960832.identifiers.2666490956": "arn:aws:iam::517449413234:role/us-east-1_jive-infra-pipeline-node-role",
                            "statement.0.principals.4141960832.identifiers.3402064244": "arn:aws:iam::517449413234:role/us-east-1_jive-infra-pipeline-master-role",
                            "statement.0.principals.4141960832.type": "AWS",
                            "statement.0.resources.#": "1",
                            "statement.0.resources.303726878": "arn:aws:s3:::us-east-1-jive-infra-pipeline-logs/*",
                            "statement.0.sid": "Logs"
                        },
                        "meta": {},
                        "tainted": false
                    },
                    "deposed": [],
                    "provider": ""
                },
                "data.aws_subnet.natdc.0": {
                    "type": "aws_subnet",
                    "depends_on": [
                        "data.aws_availability_zones.available"
                    ],
                    "primary": {
                        "id": "subnet-6924c10d",
                        "attributes": {
                            "assign_ipv6_address_on_creation": "false",
                            "availability_zone": "us-east-1a",
                            "cidr_block": "10.124.64.0/23",
                            "default_for_az": "false",
                            "id": "subnet-6924c10d",
                            "map_public_ip_on_launch": "false",
                            "state": "available",
                            "tags.%": "7",
                            "tags.KubernetesCluster": "us-east-1_jive-infra-pipeline",
                            "tags.Name": "pipeline-natdc-subnet",
                            "tags.account_name": "jive-infra-pipeline",
                            "tags.kubernetes.io/role/internal-elb": "us-east-1_jive-infra-pipeline",
                            "tags.pipeline_phase": "pipeline",
                            "tags.region": "us-east-1",
                            "tags.sla": "non-prod",
                            "vpc_id": "vpc-8d1182f4"
                        },
                        "meta": {},
                        "tainted": false
                    },
                    "deposed": [],
                    "provider": ""
                },
                "data.aws_subnet.natdc.1": {
                    "type": "aws_subnet",
                    "depends_on": [
                        "data.aws_availability_zones.available"
                    ],
                    "primary": {
                        "id": "subnet-10fd683c",
                        "attributes": {
                            "assign_ipv6_address_on_creation": "false",
                            "availability_zone": "us-east-1b",
                            "cidr_block": "10.124.66.0/23",
                            "default_for_az": "false",
                            "id": "subnet-10fd683c",
                            "map_public_ip_on_launch": "false",
                            "state": "available",
                            "tags.%": "7",
                            "tags.KubernetesCluster": "us-east-1_jive-infra-pipeline",
                            "tags.Name": "pipeline-natdc-subnet",
                            "tags.account_name": "jive-infra-pipeline",
                            "tags.kubernetes.io/role/internal-elb": "us-east-1_jive-infra-pipeline",
                            "tags.pipeline_phase": "pipeline",
                            "tags.region": "us-east-1",
                            "tags.sla": "non-prod",
                            "vpc_id": "vpc-8d1182f4"
                        },
                        "meta": {},
                        "tainted": false
                    },
                    "deposed": [],
                    "provider": ""
                },
                "data.aws_subnet.natdc.2": {
                    "type": "aws_subnet",
                    "depends_on": [
                        "data.aws_availability_zones.available"
                    ],
                    "primary": {
                        "id": "subnet-1cb9f454",
                        "attributes": {
                            "assign_ipv6_address_on_creation": "false",
                            "availability_zone": "us-east-1c",
                            "cidr_block": "10.124.68.0/23",
                            "default_for_az": "false",
                            "id": "subnet-1cb9f454",
                            "map_public_ip_on_launch": "false",
                            "state": "available",
                            "tags.%": "7",
                            "tags.KubernetesCluster": "us-east-1_jive-infra-pipeline",
                            "tags.Name": "pipeline-natdc-subnet",
                            "tags.account_name": "jive-infra-pipeline",
                            "tags.kubernetes.io/role/internal-elb": "us-east-1_jive-infra-pipeline",
                            "tags.pipeline_phase": "pipeline",
                            "tags.region": "us-east-1",
                            "tags.sla": "non-prod",
                            "vpc_id": "vpc-8d1182f4"
                        },
                        "meta": {},
                        "tainted": false
                    },
                    "deposed": [],
                    "provider": ""
                },
                "data.aws_subnet.natdc.3": {
                    "type": "aws_subnet",
                    "depends_on": [
                        "data.aws_availability_zones.available"
                    ],
                    "primary": {
                        "id": "subnet-f7901dad",
                        "attributes": {
                            "assign_ipv6_address_on_creation": "false",
                            "availability_zone": "us-east-1d",
                            "cidr_block": "10.124.70.0/23",
                            "default_for_az": "false",
                            "id": "subnet-f7901dad",
                            "map_public_ip_on_launch": "false",
                            "state": "available",
                            "tags.%": "7",
                            "tags.KubernetesCluster": "us-east-1_jive-infra-pipeline",
                            "tags.Name": "pipeline-natdc-subnet",
                            "tags.account_name": "jive-infra-pipeline",
                            "tags.kubernetes.io/role/internal-elb": "us-east-1_jive-infra-pipeline",
                            "tags.pipeline_phase": "pipeline",
                            "tags.region": "us-east-1",
                            "tags.sla": "non-prod",
                            "vpc_id": "vpc-8d1182f4"
                        },
                        "meta": {},
                        "tainted": false
                    },
                    "deposed": [],
                    "provider": ""
                },
                "data.aws_subnet.natdc.4": {
                    "type": "aws_subnet",
                    "depends_on": [
                        "data.aws_availability_zones.available"
                    ],
                    "primary": {
                        "id": "subnet-7cc5c240",
                        "attributes": {
                            "assign_ipv6_address_on_creation": "false",
                            "availability_zone": "us-east-1e",
                            "cidr_block": "10.124.72.0/23",
                            "default_for_az": "false",
                            "id": "subnet-7cc5c240",
                            "map_public_ip_on_launch": "false",
                            "state": "available",
                            "tags.%": "7",
                            "tags.KubernetesCluster": "us-east-1_jive-infra-pipeline",
                            "tags.Name": "pipeline-natdc-subnet",
                            "tags.account_name": "jive-infra-pipeline",
                            "tags.kubernetes.io/role/internal-elb": "us-east-1_jive-infra-pipeline",
                            "tags.pipeline_phase": "pipeline",
                            "tags.region": "us-east-1",
                            "tags.sla": "non-prod",
                            "vpc_id": "vpc-8d1182f4"
                        },
                        "meta": {},
                        "tainted": false
                    },
                    "deposed": [],
                    "provider": ""
                },
                "data.template_file.cloud_config": {
                    "type": "template_file",
                    "depends_on": [
                        "aws_eip.k8s_master_eip",
                        "aws_elb.k8s_master",
                        "null_resource.k8s_cluster"
                    ],
                    "primary": {
                        "id": "6577a690911d6cdb2535deea303e2a492489cb93a9104a11021aeaf5b53b2b52",
                        "attributes": {
                            "id": "6577a690911d6cdb2535deea303e2a492489cb93a9104a11021aeaf5b53b2b52",
                            "rendered": "#cloud-config\ncoreos:\n  units:\n    - name: bootstrap.service\n      command: start\n      content: |\n        [Unit]\n        Requires=early-docker.service\n        After=early-docker.service\n        Description=Bootstraps the node\n        [Service]\n        Environment=\"DOCKER_HOST=unix:///var/run/early-docker.sock\"\n        Type=oneshot\n        RemainAfterExit=yes\n        ExecStart=/root/bootstrap.sh\n    - name: settimezone.service\n      command: start\n      content: |\n        [Unit]\n        Description=Set the timezone\n        [Service]\n        ExecStart=/usr/bin/timedatectl set-timezone UTC\n        RemainAfterExit=yes\n        Type=oneshot\nupdate:\n    reboot-strategy: off\nssh_authorized_keys:\n  - AAAAB3NzaC1yc2EAAAADAQABAAABAQDdUn7MngzRWLusJ+9S2MSibbJjkxV0fa5D6fUKJnGuYHxgL3vpMi+TLWRUIFv9tmBIxard8nS4/mNu6P0ENm5LmkAYPJngEMbCoQmpk89tbQIrlZrhr5FffP3fJfxzahEtYjEtNuBQuuMwrXN3hvuehVGWEu1lFG6WLYnejL0au2L4CJhCoV2g+b/uqTjsFVHhbGWvuazYL9SJmH2mWqEnbj2tj7goemU88bycisrMIvpKVWhu02KM2FUHgPwtoENi909LTpiD/y+3FzBwa7cpMNjmTmrzPbJTZ7gNNzSpPWHtCejE/B06+7lxSzbeRQP6q1Xb++bcVWODvh6qCb4b\nwrite_files:\n  - path: /etc/hosts\n    permissions: 0644\n    content: |\n      10.160.4.127 docker.phx1.jivehosted.com\n      10.160.70.25 pulp-slave\nwrite_files:\n  - path: /root/parse_manifest.sh\n    permissions: 0755\n    content: |\n      #!/usr/bin/bash\n      jq -c '.clusters[] | select(.clusterName == \"us-east-1_jive-infra-pipeline\") | .ansibleImageVersion' /tmp/cluster_manifest.json\nwrite_files:\n  - path: /root/pam_workaround.sh\n    permissions: 0755\n    content: |\n      #!/usr/bin/bash\n      if [[ -d /lib/pam.d ]]; then\n        rsync -a /lib/pam.d/ /etc/pam.d/\n        sed -i '/pam_systemd.so/d' /etc/pam.d/*\n        sed -i '/pam_nologin.so/d' /etc/pam.d/*\n      fi\nwrite_files:\n  - path: /root/bootstrap.sh\n    permissions: 0755\n    content: |\n      #!/usr/bin/bash\n      #\n      if [ -f /etc/coreos/update.conf ] ; then\n        rm  /etc/coreos/update.conf\n      fi\n\n      declare -r ansible_bucket=https://s3-us-west-2.amazonaws.com/jive-ansible-coreos-jive-infra-prod-usw2\n\n      # Get cluster manifest from S3 bucket\n      curl -XGET -s \\\n      --retry 3 \\\n      --retry-delay 5 \\\n      ${ansible_bucket}/cluster_manifest.json \\\n      --output /tmp/cluster_manifest.json\n\n      # Get ansible-coreos bootstrap script from S3 bucket\n      curl -XGET -s \\\n      --retry 3 \\\n      --retry-delay 5 \\\n      ${ansible_bucket}/run-ansible-container.sh \\\n      --output /tmp/run-ansible-container.sh\n\n      declare -r docker_image=$(bash /root/parse_manifest.sh | sed 's/\"//g')\n      bash -vx /root/pam_workaround.sh\n      bash -vx /tmp/run-ansible-container.sh ${docker_image}\n\n      exit 0\n\n# MASTER_EIP_ALLOC and ELB_NAME are passed from Terraform\n#MASTER_EIP_ALLOC:eipalloc-b930868a\n",
                            "template": "#cloud-config\ncoreos:\n  units:\n    - name: bootstrap.service\n      command: start\n      content: |\n        [Unit]\n        Requires=early-docker.service\n        After=early-docker.service\n        Description=Bootstraps the node\n        [Service]\n        Environment=\"DOCKER_HOST=unix:///var/run/early-docker.sock\"\n        Type=oneshot\n        RemainAfterExit=yes\n        ExecStart=/root/bootstrap.sh\n    - name: settimezone.service\n      command: start\n      content: |\n        [Unit]\n        Description=Set the timezone\n        [Service]\n        ExecStart=/usr/bin/timedatectl set-timezone UTC\n        RemainAfterExit=yes\n        Type=oneshot\nupdate:\n    reboot-strategy: off\nssh_authorized_keys:\n  - ${COREOS_AUTHKEY}\nwrite_files:\n  - path: /etc/hosts\n    permissions: 0644\n    content: |\n      ${DOCKER_REGISTRY}\n      ${PHX_PULP}\nwrite_files:\n  - path: /root/parse_manifest.sh\n    permissions: 0755\n    content: |\n      #!/usr/bin/bash\n      jq -c '.clusters[] | select(.clusterName == \"${KubernetesCluster}\") | .ansibleImageVersion' /tmp/cluster_manifest.json\nwrite_files:\n  - path: /root/pam_workaround.sh\n    permissions: 0755\n    content: |\n      #!/usr/bin/bash\n      if [[ -d /lib/pam.d ]]; then\n        rsync -a /lib/pam.d/ /etc/pam.d/\n        sed -i '/pam_systemd.so/d' /etc/pam.d/*\n        sed -i '/pam_nologin.so/d' /etc/pam.d/*\n      fi\nwrite_files:\n  - path: /root/bootstrap.sh\n    permissions: 0755\n    content: |\n      #!/usr/bin/bash\n      #\n      if [ -f /etc/coreos/update.conf ] ; then\n        rm  /etc/coreos/update.conf\n      fi\n\n      declare -r ansible_bucket=${ANSIBLE_BUCKET}\n\n      # Get cluster manifest from S3 bucket\n      curl -XGET -s \\\n      --retry 3 \\\n      --retry-delay 5 \\\n      $${ansible_bucket}/cluster_manifest.json \\\n      --output /tmp/cluster_manifest.json\n\n      # Get ansible-coreos bootstrap script from S3 bucket\n      curl -XGET -s \\\n      --retry 3 \\\n      --retry-delay 5 \\\n      $${ansible_bucket}/run-ansible-container.sh \\\n      --output /tmp/run-ansible-container.sh\n\n      declare -r docker_image=$$(bash /root/parse_manifest.sh | sed 's/\"//g')\n      bash -vx /root/pam_workaround.sh\n      bash -vx /tmp/run-ansible-container.sh $${docker_image}\n\n      exit 0\n\n# MASTER_EIP_ALLOC and ELB_NAME are passed from Terraform\n#MASTER_EIP_ALLOC:${MASTER_EIP_ALLOC}\n",
                            "vars.%": "7",
                            "vars.ANSIBLE_BUCKET": "https://s3-us-west-2.amazonaws.com/jive-ansible-coreos-jive-infra-prod-usw2",
                            "vars.COREOS_AUTHKEY": "AAAAB3NzaC1yc2EAAAADAQABAAABAQDdUn7MngzRWLusJ+9S2MSibbJjkxV0fa5D6fUKJnGuYHxgL3vpMi+TLWRUIFv9tmBIxard8nS4/mNu6P0ENm5LmkAYPJngEMbCoQmpk89tbQIrlZrhr5FffP3fJfxzahEtYjEtNuBQuuMwrXN3hvuehVGWEu1lFG6WLYnejL0au2L4CJhCoV2g+b/uqTjsFVHhbGWvuazYL9SJmH2mWqEnbj2tj7goemU88bycisrMIvpKVWhu02KM2FUHgPwtoENi909LTpiD/y+3FzBwa7cpMNjmTmrzPbJTZ7gNNzSpPWHtCejE/B06+7lxSzbeRQP6q1Xb++bcVWODvh6qCb4b",
                            "vars.DOCKER_REGISTRY": "10.160.4.127 docker.phx1.jivehosted.com",
                            "vars.ELB_NAME": "pipeline-k8s-master-elb",
                            "vars.KubernetesCluster": "us-east-1_jive-infra-pipeline",
                            "vars.MASTER_EIP_ALLOC": "eipalloc-b930868a",
                            "vars.PHX_PULP": "10.160.70.25 pulp-slave"
                        },
                        "meta": {},
                        "tainted": false
                    },
                    "deposed": [],
                    "provider": ""
                },
                "null_resource.k8s_cluster": {
                    "type": "null_resource",
                    "depends_on": [],
                    "primary": {
                        "id": "5537597970405049302",
                        "attributes": {
                            "id": "5537597970405049302",
                            "triggers.%": "1",
                            "triggers.name": "us-east-1_jive-infra-pipeline"
                        },
                        "meta": {},
                        "tainted": false
                    },
                    "deposed": [],
                    "provider": ""
                }
            },
            "depends_on": []
        }
    ]
}
