{
    "version": 3,
    "terraform_version": "0.9.4",
    "serial": 7,
    "lineage": "1e71b0af-f201-4d58-b969-fd47c496f043",
    "modules": [
        {
            "path": [
                "root"
            ],
            "outputs": {},
            "resources": {
                "aws_eip.natgw.0": {
                    "type": "aws_eip",
                    "depends_on": [],
                    "primary": {
                        "id": "eipalloc-70293e40",
                        "attributes": {
                            "association_id": "eipassoc-877f5fb5",
                            "domain": "vpc",
                            "id": "eipalloc-70293e40",
                            "instance": "",
                            "network_interface": "eni-08b21fa7",
                            "private_ip": "10.126.18.158",
                            "public_ip": "34.228.114.38",
                            "vpc": "true"
                        },
                        "meta": {},
                        "tainted": false
                    },
                    "deposed": [],
                    "provider": ""
                },
                "aws_eip.natgw.1": {
                    "type": "aws_eip",
                    "depends_on": [],
                    "primary": {
                        "id": "eipalloc-2a2a3d1a",
                        "attributes": {
                            "association_id": "eipassoc-f14262c3",
                            "domain": "vpc",
                            "id": "eipalloc-2a2a3d1a",
                            "instance": "",
                            "network_interface": "eni-cf61301c",
                            "private_ip": "10.126.18.184",
                            "public_ip": "34.231.11.160",
                            "vpc": "true"
                        },
                        "meta": {},
                        "tainted": false
                    },
                    "deposed": [],
                    "provider": ""
                },
                "aws_eip.natgw.2": {
                    "type": "aws_eip",
                    "depends_on": [],
                    "primary": {
                        "id": "eipalloc-302b3c00",
                        "attributes": {
                            "association_id": "eipassoc-047e5e36",
                            "domain": "vpc",
                            "id": "eipalloc-302b3c00",
                            "instance": "",
                            "network_interface": "eni-3d019d94",
                            "private_ip": "10.126.18.222",
                            "public_ip": "34.200.140.177",
                            "vpc": "true"
                        },
                        "meta": {},
                        "tainted": false
                    },
                    "deposed": [],
                    "provider": ""
                },
                "aws_eip.natgw.3": {
                    "type": "aws_eip",
                    "depends_on": [],
                    "primary": {
                        "id": "eipalloc-c4f7e0f4",
                        "attributes": {
                            "association_id": "eipassoc-a77b5b95",
                            "domain": "vpc",
                            "id": "eipalloc-c4f7e0f4",
                            "instance": "",
                            "network_interface": "eni-30399d27",
                            "private_ip": "10.126.18.251",
                            "public_ip": "52.21.161.67",
                            "vpc": "true"
                        },
                        "meta": {},
                        "tainted": false
                    },
                    "deposed": [],
                    "provider": ""
                },
                "aws_eip.natgw.4": {
                    "type": "aws_eip",
                    "depends_on": [],
                    "primary": {
                        "id": "eipalloc-61f4e351",
                        "attributes": {
                            "association_id": "eipassoc-a27b5b90",
                            "domain": "vpc",
                            "id": "eipalloc-61f4e351",
                            "instance": "",
                            "network_interface": "eni-e6c1d5e7",
                            "private_ip": "10.126.19.12",
                            "public_ip": "52.206.222.153",
                            "vpc": "true"
                        },
                        "meta": {},
                        "tainted": false
                    },
                    "deposed": [],
                    "provider": ""
                },
                "aws_internet_gateway.igw": {
                    "type": "aws_internet_gateway",
                    "depends_on": [
                        "aws_vpc.main"
                    ],
                    "primary": {
                        "id": "igw-0f206269",
                        "attributes": {
                            "id": "igw-0f206269",
                            "tags.%": "5",
                            "tags.Name": "integ-igw",
                            "tags.account_name": "jive-reco-pipeline",
                            "tags.pipeline_phase": "integ",
                            "tags.region": "us-east-1",
                            "tags.sla": "non-prod",
                            "vpc_id": "vpc-2441dc5d"
                        },
                        "meta": {},
                        "tainted": false
                    },
                    "deposed": [],
                    "provider": ""
                },
                "aws_nat_gateway.natgw.0": {
                    "type": "aws_nat_gateway",
                    "depends_on": [
                        "aws_eip.natgw.*",
                        "aws_internet_gateway.igw",
                        "aws_subnet.public.*"
                    ],
                    "primary": {
                        "id": "nat-096103cea6410d99d",
                        "attributes": {
                            "allocation_id": "eipalloc-70293e40",
                            "id": "nat-096103cea6410d99d",
                            "network_interface_id": "eni-08b21fa7",
                            "private_ip": "10.126.18.158",
                            "public_ip": "34.228.114.38",
                            "subnet_id": "subnet-2476e208"
                        },
                        "meta": {},
                        "tainted": false
                    },
                    "deposed": [],
                    "provider": ""
                },
                "aws_nat_gateway.natgw.1": {
                    "type": "aws_nat_gateway",
                    "depends_on": [
                        "aws_eip.natgw.*",
                        "aws_internet_gateway.igw",
                        "aws_subnet.public.*"
                    ],
                    "primary": {
                        "id": "nat-038b62531317ddd7f",
                        "attributes": {
                            "allocation_id": "eipalloc-2a2a3d1a",
                            "id": "nat-038b62531317ddd7f",
                            "network_interface_id": "eni-cf61301c",
                            "private_ip": "10.126.18.184",
                            "public_ip": "34.231.11.160",
                            "subnet_id": "subnet-d9337c91"
                        },
                        "meta": {},
                        "tainted": false
                    },
                    "deposed": [],
                    "provider": ""
                },
                "aws_nat_gateway.natgw.2": {
                    "type": "aws_nat_gateway",
                    "depends_on": [
                        "aws_eip.natgw.*",
                        "aws_internet_gateway.igw",
                        "aws_subnet.public.*"
                    ],
                    "primary": {
                        "id": "nat-0b353e56979f69a88",
                        "attributes": {
                            "allocation_id": "eipalloc-302b3c00",
                            "id": "nat-0b353e56979f69a88",
                            "network_interface_id": "eni-3d019d94",
                            "private_ip": "10.126.18.222",
                            "public_ip": "34.200.140.177",
                            "subnet_id": "subnet-2f169a75"
                        },
                        "meta": {},
                        "tainted": false
                    },
                    "deposed": [],
                    "provider": ""
                },
                "aws_nat_gateway.natgw.3": {
                    "type": "aws_nat_gateway",
                    "depends_on": [
                        "aws_eip.natgw.*",
                        "aws_internet_gateway.igw",
                        "aws_subnet.public.*"
                    ],
                    "primary": {
                        "id": "nat-0224273f57e60397a",
                        "attributes": {
                            "allocation_id": "eipalloc-c4f7e0f4",
                            "id": "nat-0224273f57e60397a",
                            "network_interface_id": "eni-30399d27",
                            "private_ip": "10.126.18.251",
                            "public_ip": "52.21.161.67",
                            "subnet_id": "subnet-3026c254"
                        },
                        "meta": {},
                        "tainted": false
                    },
                    "deposed": [],
                    "provider": ""
                },
                "aws_nat_gateway.natgw.4": {
                    "type": "aws_nat_gateway",
                    "depends_on": [
                        "aws_eip.natgw.*",
                        "aws_internet_gateway.igw",
                        "aws_subnet.public.*"
                    ],
                    "primary": {
                        "id": "nat-0909c9ad7c1499a16",
                        "attributes": {
                            "allocation_id": "eipalloc-61f4e351",
                            "id": "nat-0909c9ad7c1499a16",
                            "network_interface_id": "eni-e6c1d5e7",
                            "private_ip": "10.126.19.12",
                            "public_ip": "52.206.222.153",
                            "subnet_id": "subnet-2c3f3910"
                        },
                        "meta": {},
                        "tainted": false
                    },
                    "deposed": [],
                    "provider": ""
                },
                "aws_route.bastion_natdc.0": {
                    "type": "aws_route",
                    "depends_on": [
                        "aws_route_table.natdc.*",
                        "aws_vpc_peering_connection.infra"
                    ],
                    "primary": {
                        "id": "r-rtb-73b2920b1370263902",
                        "attributes": {
                            "destination_cidr_block": "10.127.49.7/32",
                            "destination_prefix_list_id": "",
                            "egress_only_gateway_id": "",
                            "gateway_id": "",
                            "id": "r-rtb-73b2920b1370263902",
                            "instance_id": "",
                            "instance_owner_id": "",
                            "nat_gateway_id": "",
                            "network_interface_id": "",
                            "origin": "CreateRoute",
                            "route_table_id": "rtb-73b2920b",
                            "state": "active",
                            "vpc_peering_connection_id": "pcx-fcc8b995"
                        },
                        "meta": {},
                        "tainted": false
                    },
                    "deposed": [],
                    "provider": ""
                },
                "aws_route.bastion_natdc.1": {
                    "type": "aws_route",
                    "depends_on": [
                        "aws_route_table.natdc.*",
                        "aws_vpc_peering_connection.infra"
                    ],
                    "primary": {
                        "id": "r-rtb-dcac8ca41370263902",
                        "attributes": {
                            "destination_cidr_block": "10.127.49.7/32",
                            "destination_prefix_list_id": "",
                            "egress_only_gateway_id": "",
                            "gateway_id": "",
                            "id": "r-rtb-dcac8ca41370263902",
                            "instance_id": "",
                            "instance_owner_id": "",
                            "nat_gateway_id": "",
                            "network_interface_id": "",
                            "origin": "CreateRoute",
                            "route_table_id": "rtb-dcac8ca4",
                            "state": "active",
                            "vpc_peering_connection_id": "pcx-fcc8b995"
                        },
                        "meta": {},
                        "tainted": false
                    },
                    "deposed": [],
                    "provider": ""
                },
                "aws_route.bastion_natdc.2": {
                    "type": "aws_route",
                    "depends_on": [
                        "aws_route_table.natdc.*",
                        "aws_vpc_peering_connection.infra"
                    ],
                    "primary": {
                        "id": "r-rtb-43ac8c3b1370263902",
                        "attributes": {
                            "destination_cidr_block": "10.127.49.7/32",
                            "destination_prefix_list_id": "",
                            "egress_only_gateway_id": "",
                            "gateway_id": "",
                            "id": "r-rtb-43ac8c3b1370263902",
                            "instance_id": "",
                            "instance_owner_id": "",
                            "nat_gateway_id": "",
                            "network_interface_id": "",
                            "origin": "CreateRoute",
                            "route_table_id": "rtb-43ac8c3b",
                            "state": "active",
                            "vpc_peering_connection_id": "pcx-fcc8b995"
                        },
                        "meta": {},
                        "tainted": false
                    },
                    "deposed": [],
                    "provider": ""
                },
                "aws_route.bastion_natdc.3": {
                    "type": "aws_route",
                    "depends_on": [
                        "aws_route_table.natdc.*",
                        "aws_vpc_peering_connection.infra"
                    ],
                    "primary": {
                        "id": "r-rtb-48bb9b301370263902",
                        "attributes": {
                            "destination_cidr_block": "10.127.49.7/32",
                            "destination_prefix_list_id": "",
                            "egress_only_gateway_id": "",
                            "gateway_id": "",
                            "id": "r-rtb-48bb9b301370263902",
                            "instance_id": "",
                            "instance_owner_id": "",
                            "nat_gateway_id": "",
                            "network_interface_id": "",
                            "origin": "CreateRoute",
                            "route_table_id": "rtb-48bb9b30",
                            "state": "active",
                            "vpc_peering_connection_id": "pcx-fcc8b995"
                        },
                        "meta": {},
                        "tainted": false
                    },
                    "deposed": [],
                    "provider": ""
                },
                "aws_route.bastion_natdc.4": {
                    "type": "aws_route",
                    "depends_on": [
                        "aws_route_table.natdc.*",
                        "aws_vpc_peering_connection.infra"
                    ],
                    "primary": {
                        "id": "r-rtb-33b9994b1370263902",
                        "attributes": {
                            "destination_cidr_block": "10.127.49.7/32",
                            "destination_prefix_list_id": "",
                            "egress_only_gateway_id": "",
                            "gateway_id": "",
                            "id": "r-rtb-33b9994b1370263902",
                            "instance_id": "",
                            "instance_owner_id": "",
                            "nat_gateway_id": "",
                            "network_interface_id": "",
                            "origin": "CreateRoute",
                            "route_table_id": "rtb-33b9994b",
                            "state": "active",
                            "vpc_peering_connection_id": "pcx-fcc8b995"
                        },
                        "meta": {},
                        "tainted": false
                    },
                    "deposed": [],
                    "provider": ""
                },
                "aws_route.bastion_private": {
                    "type": "aws_route",
                    "depends_on": [
                        "aws_route_table.private",
                        "aws_vpc_peering_connection.infra"
                    ],
                    "primary": {
                        "id": "r-rtb-4cac8c341370263902",
                        "attributes": {
                            "destination_cidr_block": "10.127.49.7/32",
                            "destination_prefix_list_id": "",
                            "egress_only_gateway_id": "",
                            "gateway_id": "",
                            "id": "r-rtb-4cac8c341370263902",
                            "instance_id": "",
                            "instance_owner_id": "",
                            "nat_gateway_id": "",
                            "network_interface_id": "",
                            "origin": "CreateRoute",
                            "route_table_id": "rtb-4cac8c34",
                            "state": "active",
                            "vpc_peering_connection_id": "pcx-fcc8b995"
                        },
                        "meta": {},
                        "tainted": false
                    },
                    "deposed": [],
                    "provider": ""
                },
                "aws_route.bastion_public": {
                    "type": "aws_route",
                    "depends_on": [
                        "aws_route_table.public",
                        "aws_vpc_peering_connection.infra"
                    ],
                    "primary": {
                        "id": "r-rtb-f7a9898f1370263902",
                        "attributes": {
                            "destination_cidr_block": "10.127.49.7/32",
                            "destination_prefix_list_id": "",
                            "egress_only_gateway_id": "",
                            "gateway_id": "",
                            "id": "r-rtb-f7a9898f1370263902",
                            "instance_id": "",
                            "instance_owner_id": "",
                            "nat_gateway_id": "",
                            "network_interface_id": "",
                            "origin": "CreateRoute",
                            "route_table_id": "rtb-f7a9898f",
                            "state": "active",
                            "vpc_peering_connection_id": "pcx-fcc8b995"
                        },
                        "meta": {},
                        "tainted": false
                    },
                    "deposed": [],
                    "provider": ""
                },
                "aws_route.infra_natdc.0": {
                    "type": "aws_route",
                    "depends_on": [
                        "aws_vpc_peering_connection.infra"
                    ],
                    "primary": {
                        "id": "r-rtb-efc5e5971635062167",
                        "attributes": {
                            "destination_cidr_block": "10.126.16.0/22",
                            "destination_prefix_list_id": "",
                            "egress_only_gateway_id": "",
                            "gateway_id": "",
                            "id": "r-rtb-efc5e5971635062167",
                            "instance_id": "",
                            "instance_owner_id": "",
                            "nat_gateway_id": "",
                            "network_interface_id": "",
                            "origin": "CreateRoute",
                            "route_table_id": "rtb-efc5e597",
                            "state": "active",
                            "vpc_peering_connection_id": "pcx-fcc8b995"
                        },
                        "meta": {},
                        "tainted": false
                    },
                    "deposed": [],
                    "provider": ""
                },
                "aws_route.infra_natdc.1": {
                    "type": "aws_route",
                    "depends_on": [
                        "aws_vpc_peering_connection.infra"
                    ],
                    "primary": {
                        "id": "r-rtb-84caeafc1635062167",
                        "attributes": {
                            "destination_cidr_block": "10.126.16.0/22",
                            "destination_prefix_list_id": "",
                            "egress_only_gateway_id": "",
                            "gateway_id": "",
                            "id": "r-rtb-84caeafc1635062167",
                            "instance_id": "",
                            "instance_owner_id": "",
                            "nat_gateway_id": "",
                            "network_interface_id": "",
                            "origin": "CreateRoute",
                            "route_table_id": "rtb-84caeafc",
                            "state": "active",
                            "vpc_peering_connection_id": "pcx-fcc8b995"
                        },
                        "meta": {},
                        "tainted": false
                    },
                    "deposed": [],
                    "provider": ""
                },
                "aws_route.infra_natdc.2": {
                    "type": "aws_route",
                    "depends_on": [
                        "aws_vpc_peering_connection.infra"
                    ],
                    "primary": {
                        "id": "r-rtb-2fc3e3571635062167",
                        "attributes": {
                            "destination_cidr_block": "10.126.16.0/22",
                            "destination_prefix_list_id": "",
                            "egress_only_gateway_id": "",
                            "gateway_id": "",
                            "id": "r-rtb-2fc3e3571635062167",
                            "instance_id": "",
                            "instance_owner_id": "",
                            "nat_gateway_id": "",
                            "network_interface_id": "",
                            "origin": "CreateRoute",
                            "route_table_id": "rtb-2fc3e357",
                            "state": "active",
                            "vpc_peering_connection_id": "pcx-fcc8b995"
                        },
                        "meta": {},
                        "tainted": false
                    },
                    "deposed": [],
                    "provider": ""
                },
                "aws_route.infra_natdc.3": {
                    "type": "aws_route",
                    "depends_on": [
                        "aws_vpc_peering_connection.infra"
                    ],
                    "primary": {
                        "id": "r-rtb-99af8fe11635062167",
                        "attributes": {
                            "destination_cidr_block": "10.126.16.0/22",
                            "destination_prefix_list_id": "",
                            "egress_only_gateway_id": "",
                            "gateway_id": "",
                            "id": "r-rtb-99af8fe11635062167",
                            "instance_id": "",
                            "instance_owner_id": "",
                            "nat_gateway_id": "",
                            "network_interface_id": "",
                            "origin": "CreateRoute",
                            "route_table_id": "rtb-99af8fe1",
                            "state": "active",
                            "vpc_peering_connection_id": "pcx-fcc8b995"
                        },
                        "meta": {},
                        "tainted": false
                    },
                    "deposed": [],
                    "provider": ""
                },
                "aws_route.infra_natdc.4": {
                    "type": "aws_route",
                    "depends_on": [
                        "aws_vpc_peering_connection.infra"
                    ],
                    "primary": {
                        "id": "r-rtb-93ad8deb1635062167",
                        "attributes": {
                            "destination_cidr_block": "10.126.16.0/22",
                            "destination_prefix_list_id": "",
                            "egress_only_gateway_id": "",
                            "gateway_id": "",
                            "id": "r-rtb-93ad8deb1635062167",
                            "instance_id": "",
                            "instance_owner_id": "",
                            "nat_gateway_id": "",
                            "network_interface_id": "",
                            "origin": "CreateRoute",
                            "route_table_id": "rtb-93ad8deb",
                            "state": "active",
                            "vpc_peering_connection_id": "pcx-fcc8b995"
                        },
                        "meta": {},
                        "tainted": false
                    },
                    "deposed": [],
                    "provider": ""
                },
                "aws_route.infra_private": {
                    "type": "aws_route",
                    "depends_on": [
                        "aws_vpc_peering_connection.infra"
                    ],
                    "primary": {
                        "id": "r-rtb-36c3e34e1635062167",
                        "attributes": {
                            "destination_cidr_block": "10.126.16.0/22",
                            "destination_prefix_list_id": "",
                            "egress_only_gateway_id": "",
                            "gateway_id": "",
                            "id": "r-rtb-36c3e34e1635062167",
                            "instance_id": "",
                            "instance_owner_id": "",
                            "nat_gateway_id": "",
                            "network_interface_id": "",
                            "origin": "CreateRoute",
                            "route_table_id": "rtb-36c3e34e",
                            "state": "active",
                            "vpc_peering_connection_id": "pcx-fcc8b995"
                        },
                        "meta": {},
                        "tainted": false
                    },
                    "deposed": [],
                    "provider": ""
                },
                "aws_route.infra_public": {
                    "type": "aws_route",
                    "depends_on": [
                        "aws_vpc_peering_connection.infra"
                    ],
                    "primary": {
                        "id": "r-rtb-69c9e9111635062167",
                        "attributes": {
                            "destination_cidr_block": "10.126.16.0/22",
                            "destination_prefix_list_id": "",
                            "egress_only_gateway_id": "",
                            "gateway_id": "",
                            "id": "r-rtb-69c9e9111635062167",
                            "instance_id": "",
                            "instance_owner_id": "",
                            "nat_gateway_id": "",
                            "network_interface_id": "",
                            "origin": "CreateRoute",
                            "route_table_id": "rtb-69c9e911",
                            "state": "active",
                            "vpc_peering_connection_id": "pcx-fcc8b995"
                        },
                        "meta": {},
                        "tainted": false
                    },
                    "deposed": [],
                    "provider": ""
                },
                "aws_route.microservices_natdc.0": {
                    "type": "aws_route",
                    "depends_on": [
                        "aws_route_table.natdc.*"
                    ],
                    "primary": {
                        "id": "r-rtb-73b2920b3773308537",
                        "attributes": {
                            "destination_cidr_block": "10.125.0.0/19",
                            "destination_prefix_list_id": "",
                            "egress_only_gateway_id": "",
                            "gateway_id": "",
                            "id": "r-rtb-73b2920b3773308537",
                            "instance_id": "",
                            "instance_owner_id": "",
                            "nat_gateway_id": "",
                            "network_interface_id": "",
                            "origin": "CreateRoute",
                            "route_table_id": "rtb-73b2920b",
                            "state": "active",
                            "vpc_peering_connection_id": "pcx-9d780bf4"
                        },
                        "meta": {},
                        "tainted": false
                    },
                    "deposed": [],
                    "provider": ""
                },
                "aws_route.microservices_natdc.1": {
                    "type": "aws_route",
                    "depends_on": [
                        "aws_route_table.natdc.*"
                    ],
                    "primary": {
                        "id": "r-rtb-dcac8ca43773308537",
                        "attributes": {
                            "destination_cidr_block": "10.125.0.0/19",
                            "destination_prefix_list_id": "",
                            "egress_only_gateway_id": "",
                            "gateway_id": "",
                            "id": "r-rtb-dcac8ca43773308537",
                            "instance_id": "",
                            "instance_owner_id": "",
                            "nat_gateway_id": "",
                            "network_interface_id": "",
                            "origin": "CreateRoute",
                            "route_table_id": "rtb-dcac8ca4",
                            "state": "active",
                            "vpc_peering_connection_id": "pcx-9d780bf4"
                        },
                        "meta": {},
                        "tainted": false
                    },
                    "deposed": [],
                    "provider": ""
                },
                "aws_route.microservices_natdc.2": {
                    "type": "aws_route",
                    "depends_on": [
                        "aws_route_table.natdc.*"
                    ],
                    "primary": {
                        "id": "r-rtb-43ac8c3b3773308537",
                        "attributes": {
                            "destination_cidr_block": "10.125.0.0/19",
                            "destination_prefix_list_id": "",
                            "egress_only_gateway_id": "",
                            "gateway_id": "",
                            "id": "r-rtb-43ac8c3b3773308537",
                            "instance_id": "",
                            "instance_owner_id": "",
                            "nat_gateway_id": "",
                            "network_interface_id": "",
                            "origin": "CreateRoute",
                            "route_table_id": "rtb-43ac8c3b",
                            "state": "active",
                            "vpc_peering_connection_id": "pcx-9d780bf4"
                        },
                        "meta": {},
                        "tainted": false
                    },
                    "deposed": [],
                    "provider": ""
                },
                "aws_route.microservices_natdc.3": {
                    "type": "aws_route",
                    "depends_on": [
                        "aws_route_table.natdc.*"
                    ],
                    "primary": {
                        "id": "r-rtb-48bb9b303773308537",
                        "attributes": {
                            "destination_cidr_block": "10.125.0.0/19",
                            "destination_prefix_list_id": "",
                            "egress_only_gateway_id": "",
                            "gateway_id": "",
                            "id": "r-rtb-48bb9b303773308537",
                            "instance_id": "",
                            "instance_owner_id": "",
                            "nat_gateway_id": "",
                            "network_interface_id": "",
                            "origin": "CreateRoute",
                            "route_table_id": "rtb-48bb9b30",
                            "state": "active",
                            "vpc_peering_connection_id": "pcx-9d780bf4"
                        },
                        "meta": {},
                        "tainted": false
                    },
                    "deposed": [],
                    "provider": ""
                },
                "aws_route.microservices_natdc.4": {
                    "type": "aws_route",
                    "depends_on": [
                        "aws_route_table.natdc.*"
                    ],
                    "primary": {
                        "id": "r-rtb-33b9994b3773308537",
                        "attributes": {
                            "destination_cidr_block": "10.125.0.0/19",
                            "destination_prefix_list_id": "",
                            "egress_only_gateway_id": "",
                            "gateway_id": "",
                            "id": "r-rtb-33b9994b3773308537",
                            "instance_id": "",
                            "instance_owner_id": "",
                            "nat_gateway_id": "",
                            "network_interface_id": "",
                            "origin": "CreateRoute",
                            "route_table_id": "rtb-33b9994b",
                            "state": "active",
                            "vpc_peering_connection_id": "pcx-9d780bf4"
                        },
                        "meta": {},
                        "tainted": false
                    },
                    "deposed": [],
                    "provider": ""
                },
                "aws_route.microservices_private": {
                    "type": "aws_route",
                    "depends_on": [
                        "aws_route_table.private"
                    ],
                    "primary": {
                        "id": "r-rtb-4cac8c343773308537",
                        "attributes": {
                            "destination_cidr_block": "10.125.0.0/19",
                            "destination_prefix_list_id": "",
                            "egress_only_gateway_id": "",
                            "gateway_id": "",
                            "id": "r-rtb-4cac8c343773308537",
                            "instance_id": "",
                            "instance_owner_id": "",
                            "nat_gateway_id": "",
                            "network_interface_id": "",
                            "origin": "CreateRoute",
                            "route_table_id": "rtb-4cac8c34",
                            "state": "active",
                            "vpc_peering_connection_id": "pcx-9d780bf4"
                        },
                        "meta": {},
                        "tainted": false
                    },
                    "deposed": [],
                    "provider": ""
                },
                "aws_route.microservices_public": {
                    "type": "aws_route",
                    "depends_on": [
                        "aws_route_table.public"
                    ],
                    "primary": {
                        "id": "r-rtb-f7a9898f3773308537",
                        "attributes": {
                            "destination_cidr_block": "10.125.0.0/19",
                            "destination_prefix_list_id": "",
                            "egress_only_gateway_id": "",
                            "gateway_id": "",
                            "id": "r-rtb-f7a9898f3773308537",
                            "instance_id": "",
                            "instance_owner_id": "",
                            "nat_gateway_id": "",
                            "network_interface_id": "",
                            "origin": "CreateRoute",
                            "route_table_id": "rtb-f7a9898f",
                            "state": "active",
                            "vpc_peering_connection_id": "pcx-9d780bf4"
                        },
                        "meta": {},
                        "tainted": false
                    },
                    "deposed": [],
                    "provider": ""
                },
                "aws_route53_zone_association.route53": {
                    "type": "aws_route53_zone_association",
                    "depends_on": [
                        "aws_vpc.main"
                    ],
                    "primary": {
                        "id": "Z17UOFXP4LI2IE:vpc-2441dc5d",
                        "attributes": {
                            "id": "Z17UOFXP4LI2IE:vpc-2441dc5d",
                            "vpc_id": "vpc-2441dc5d",
                            "vpc_region": "us-east-1",
                            "zone_id": "Z17UOFXP4LI2IE"
                        },
                        "meta": {},
                        "tainted": false
                    },
                    "deposed": [],
                    "provider": ""
                },
                "aws_route_table.natdc.0": {
                    "type": "aws_route_table",
                    "depends_on": [
                        "aws_nat_gateway.natgw.*",
                        "aws_vpc.main",
                        "aws_vpn_gateway.vgw"
                    ],
                    "primary": {
                        "id": "rtb-73b2920b",
                        "attributes": {
                            "id": "rtb-73b2920b",
                            "propagating_vgws.#": "1",
                            "propagating_vgws.3552253505": "vgw-1d8b6074",
                            "route.#": "3",
                            "route.1581646597.cidr_block": "0.0.0.0/0",
                            "route.1581646597.egress_only_gateway_id": "",
                            "route.1581646597.gateway_id": "",
                            "route.1581646597.instance_id": "",
                            "route.1581646597.ipv6_cidr_block": "",
                            "route.1581646597.nat_gateway_id": "nat-019fa45823170a413",
                            "route.1581646597.network_interface_id": "",
                            "route.1581646597.vpc_peering_connection_id": "",
                            "route.1791261150.cidr_block": "10.125.0.0/19",
                            "route.1791261150.egress_only_gateway_id": "",
                            "route.1791261150.gateway_id": "",
                            "route.1791261150.instance_id": "",
                            "route.1791261150.ipv6_cidr_block": "",
                            "route.1791261150.nat_gateway_id": "",
                            "route.1791261150.network_interface_id": "",
                            "route.1791261150.vpc_peering_connection_id": "pcx-9d780bf4",
                            "route.2706837789.cidr_block": "10.127.49.7/32",
                            "route.2706837789.egress_only_gateway_id": "",
                            "route.2706837789.gateway_id": "",
                            "route.2706837789.instance_id": "",
                            "route.2706837789.ipv6_cidr_block": "",
                            "route.2706837789.nat_gateway_id": "",
                            "route.2706837789.network_interface_id": "",
                            "route.2706837789.vpc_peering_connection_id": "pcx-fcc8b995",
                            "tags.%": "5",
                            "tags.Name": "integ-natdc-routetable",
                            "tags.account_name": "jive-reco-pipeline",
                            "tags.pipeline_phase": "integ",
                            "tags.region": "us-east-1",
                            "tags.sla": "non-prod",
                            "vpc_id": "vpc-2441dc5d"
                        },
                        "meta": {},
                        "tainted": false
                    },
                    "deposed": [],
                    "provider": ""
                },
                "aws_route_table.natdc.1": {
                    "type": "aws_route_table",
                    "depends_on": [
                        "aws_nat_gateway.natgw.*",
                        "aws_vpc.main",
                        "aws_vpn_gateway.vgw"
                    ],
                    "primary": {
                        "id": "rtb-dcac8ca4",
                        "attributes": {
                            "id": "rtb-dcac8ca4",
                            "propagating_vgws.#": "1",
                            "propagating_vgws.3552253505": "vgw-1d8b6074",
                            "route.#": "3",
                            "route.1791261150.cidr_block": "10.125.0.0/19",
                            "route.1791261150.egress_only_gateway_id": "",
                            "route.1791261150.gateway_id": "",
                            "route.1791261150.instance_id": "",
                            "route.1791261150.ipv6_cidr_block": "",
                            "route.1791261150.nat_gateway_id": "",
                            "route.1791261150.network_interface_id": "",
                            "route.1791261150.vpc_peering_connection_id": "pcx-9d780bf4",
                            "route.2228635567.cidr_block": "0.0.0.0/0",
                            "route.2228635567.egress_only_gateway_id": "",
                            "route.2228635567.gateway_id": "",
                            "route.2228635567.instance_id": "",
                            "route.2228635567.ipv6_cidr_block": "",
                            "route.2228635567.nat_gateway_id": "nat-094b6d3245a524299",
                            "route.2228635567.network_interface_id": "",
                            "route.2228635567.vpc_peering_connection_id": "",
                            "route.2706837789.cidr_block": "10.127.49.7/32",
                            "route.2706837789.egress_only_gateway_id": "",
                            "route.2706837789.gateway_id": "",
                            "route.2706837789.instance_id": "",
                            "route.2706837789.ipv6_cidr_block": "",
                            "route.2706837789.nat_gateway_id": "",
                            "route.2706837789.network_interface_id": "",
                            "route.2706837789.vpc_peering_connection_id": "pcx-fcc8b995",
                            "tags.%": "5",
                            "tags.Name": "integ-natdc-routetable",
                            "tags.account_name": "jive-reco-pipeline",
                            "tags.pipeline_phase": "integ",
                            "tags.region": "us-east-1",
                            "tags.sla": "non-prod",
                            "vpc_id": "vpc-2441dc5d"
                        },
                        "meta": {},
                        "tainted": false
                    },
                    "deposed": [],
                    "provider": ""
                },
                "aws_route_table.natdc.2": {
                    "type": "aws_route_table",
                    "depends_on": [
                        "aws_nat_gateway.natgw.*",
                        "aws_vpc.main",
                        "aws_vpn_gateway.vgw"
                    ],
                    "primary": {
                        "id": "rtb-43ac8c3b",
                        "attributes": {
                            "id": "rtb-43ac8c3b",
                            "propagating_vgws.#": "1",
                            "propagating_vgws.3552253505": "vgw-1d8b6074",
                            "route.#": "3",
                            "route.1791261150.cidr_block": "10.125.0.0/19",
                            "route.1791261150.egress_only_gateway_id": "",
                            "route.1791261150.gateway_id": "",
                            "route.1791261150.instance_id": "",
                            "route.1791261150.ipv6_cidr_block": "",
                            "route.1791261150.nat_gateway_id": "",
                            "route.1791261150.network_interface_id": "",
                            "route.1791261150.vpc_peering_connection_id": "pcx-9d780bf4",
                            "route.1994700322.cidr_block": "0.0.0.0/0",
                            "route.1994700322.egress_only_gateway_id": "",
                            "route.1994700322.gateway_id": "",
                            "route.1994700322.instance_id": "",
                            "route.1994700322.ipv6_cidr_block": "",
                            "route.1994700322.nat_gateway_id": "nat-07878556f4c70f04f",
                            "route.1994700322.network_interface_id": "",
                            "route.1994700322.vpc_peering_connection_id": "",
                            "route.2706837789.cidr_block": "10.127.49.7/32",
                            "route.2706837789.egress_only_gateway_id": "",
                            "route.2706837789.gateway_id": "",
                            "route.2706837789.instance_id": "",
                            "route.2706837789.ipv6_cidr_block": "",
                            "route.2706837789.nat_gateway_id": "",
                            "route.2706837789.network_interface_id": "",
                            "route.2706837789.vpc_peering_connection_id": "pcx-fcc8b995",
                            "tags.%": "5",
                            "tags.Name": "integ-natdc-routetable",
                            "tags.account_name": "jive-reco-pipeline",
                            "tags.pipeline_phase": "integ",
                            "tags.region": "us-east-1",
                            "tags.sla": "non-prod",
                            "vpc_id": "vpc-2441dc5d"
                        },
                        "meta": {},
                        "tainted": false
                    },
                    "deposed": [],
                    "provider": ""
                },
                "aws_route_table.natdc.3": {
                    "type": "aws_route_table",
                    "depends_on": [
                        "aws_nat_gateway.natgw.*",
                        "aws_vpc.main",
                        "aws_vpn_gateway.vgw"
                    ],
                    "primary": {
                        "id": "rtb-48bb9b30",
                        "attributes": {
                            "id": "rtb-48bb9b30",
                            "propagating_vgws.#": "1",
                            "propagating_vgws.3552253505": "vgw-1d8b6074",
                            "route.#": "3",
                            "route.1791261150.cidr_block": "10.125.0.0/19",
                            "route.1791261150.egress_only_gateway_id": "",
                            "route.1791261150.gateway_id": "",
                            "route.1791261150.instance_id": "",
                            "route.1791261150.ipv6_cidr_block": "",
                            "route.1791261150.nat_gateway_id": "",
                            "route.1791261150.network_interface_id": "",
                            "route.1791261150.vpc_peering_connection_id": "pcx-9d780bf4",
                            "route.2706837789.cidr_block": "10.127.49.7/32",
                            "route.2706837789.egress_only_gateway_id": "",
                            "route.2706837789.gateway_id": "",
                            "route.2706837789.instance_id": "",
                            "route.2706837789.ipv6_cidr_block": "",
                            "route.2706837789.nat_gateway_id": "",
                            "route.2706837789.network_interface_id": "",
                            "route.2706837789.vpc_peering_connection_id": "pcx-fcc8b995",
                            "route.3774582177.cidr_block": "0.0.0.0/0",
                            "route.3774582177.egress_only_gateway_id": "",
                            "route.3774582177.gateway_id": "",
                            "route.3774582177.instance_id": "",
                            "route.3774582177.ipv6_cidr_block": "",
                            "route.3774582177.nat_gateway_id": "nat-0224273f57e60397a",
                            "route.3774582177.network_interface_id": "",
                            "route.3774582177.vpc_peering_connection_id": "",
                            "tags.%": "5",
                            "tags.Name": "integ-natdc-routetable",
                            "tags.account_name": "jive-reco-pipeline",
                            "tags.pipeline_phase": "integ",
                            "tags.region": "us-east-1",
                            "tags.sla": "non-prod",
                            "vpc_id": "vpc-2441dc5d"
                        },
                        "meta": {},
                        "tainted": false
                    },
                    "deposed": [],
                    "provider": ""
                },
                "aws_route_table.natdc.4": {
                    "type": "aws_route_table",
                    "depends_on": [
                        "aws_nat_gateway.natgw.*",
                        "aws_vpc.main",
                        "aws_vpn_gateway.vgw"
                    ],
                    "primary": {
                        "id": "rtb-33b9994b",
                        "attributes": {
                            "id": "rtb-33b9994b",
                            "propagating_vgws.#": "1",
                            "propagating_vgws.3552253505": "vgw-1d8b6074",
                            "route.#": "3",
                            "route.1211111214.cidr_block": "0.0.0.0/0",
                            "route.1211111214.egress_only_gateway_id": "",
                            "route.1211111214.gateway_id": "",
                            "route.1211111214.instance_id": "",
                            "route.1211111214.ipv6_cidr_block": "",
                            "route.1211111214.nat_gateway_id": "nat-0909c9ad7c1499a16",
                            "route.1211111214.network_interface_id": "",
                            "route.1211111214.vpc_peering_connection_id": "",
                            "route.1791261150.cidr_block": "10.125.0.0/19",
                            "route.1791261150.egress_only_gateway_id": "",
                            "route.1791261150.gateway_id": "",
                            "route.1791261150.instance_id": "",
                            "route.1791261150.ipv6_cidr_block": "",
                            "route.1791261150.nat_gateway_id": "",
                            "route.1791261150.network_interface_id": "",
                            "route.1791261150.vpc_peering_connection_id": "pcx-9d780bf4",
                            "route.2706837789.cidr_block": "10.127.49.7/32",
                            "route.2706837789.egress_only_gateway_id": "",
                            "route.2706837789.gateway_id": "",
                            "route.2706837789.instance_id": "",
                            "route.2706837789.ipv6_cidr_block": "",
                            "route.2706837789.nat_gateway_id": "",
                            "route.2706837789.network_interface_id": "",
                            "route.2706837789.vpc_peering_connection_id": "pcx-fcc8b995",
                            "tags.%": "5",
                            "tags.Name": "integ-natdc-routetable",
                            "tags.account_name": "jive-reco-pipeline",
                            "tags.pipeline_phase": "integ",
                            "tags.region": "us-east-1",
                            "tags.sla": "non-prod",
                            "vpc_id": "vpc-2441dc5d"
                        },
                        "meta": {},
                        "tainted": false
                    },
                    "deposed": [],
                    "provider": ""
                },
                "aws_route_table.private": {
                    "type": "aws_route_table",
                    "depends_on": [
                        "aws_vpc.main"
                    ],
                    "primary": {
                        "id": "rtb-4cac8c34",
                        "attributes": {
                            "id": "rtb-4cac8c34",
                            "propagating_vgws.#": "0",
                            "route.#": "2",
                            "route.1791261150.cidr_block": "10.125.0.0/19",
                            "route.1791261150.egress_only_gateway_id": "",
                            "route.1791261150.gateway_id": "",
                            "route.1791261150.instance_id": "",
                            "route.1791261150.ipv6_cidr_block": "",
                            "route.1791261150.nat_gateway_id": "",
                            "route.1791261150.network_interface_id": "",
                            "route.1791261150.vpc_peering_connection_id": "pcx-9d780bf4",
                            "route.2706837789.cidr_block": "10.127.49.7/32",
                            "route.2706837789.egress_only_gateway_id": "",
                            "route.2706837789.gateway_id": "",
                            "route.2706837789.instance_id": "",
                            "route.2706837789.ipv6_cidr_block": "",
                            "route.2706837789.nat_gateway_id": "",
                            "route.2706837789.network_interface_id": "",
                            "route.2706837789.vpc_peering_connection_id": "pcx-fcc8b995",
                            "tags.%": "5",
                            "tags.Name": "integ-private-routetable",
                            "tags.account_name": "jive-reco-pipeline",
                            "tags.pipeline_phase": "integ",
                            "tags.region": "us-east-1",
                            "tags.sla": "non-prod",
                            "vpc_id": "vpc-2441dc5d"
                        },
                        "meta": {},
                        "tainted": false
                    },
                    "deposed": [],
                    "provider": ""
                },
                "aws_route_table.public": {
                    "type": "aws_route_table",
                    "depends_on": [
                        "aws_internet_gateway.igw",
                        "aws_vpc.main"
                    ],
                    "primary": {
                        "id": "rtb-f7a9898f",
                        "attributes": {
                            "id": "rtb-f7a9898f",
                            "propagating_vgws.#": "0",
                            "route.#": "3",
                            "route.1423582762.cidr_block": "0.0.0.0/0",
                            "route.1423582762.egress_only_gateway_id": "",
                            "route.1423582762.gateway_id": "igw-0f206269",
                            "route.1423582762.instance_id": "",
                            "route.1423582762.ipv6_cidr_block": "",
                            "route.1423582762.nat_gateway_id": "",
                            "route.1423582762.network_interface_id": "",
                            "route.1423582762.vpc_peering_connection_id": "",
                            "route.1791261150.cidr_block": "10.125.0.0/19",
                            "route.1791261150.egress_only_gateway_id": "",
                            "route.1791261150.gateway_id": "",
                            "route.1791261150.instance_id": "",
                            "route.1791261150.ipv6_cidr_block": "",
                            "route.1791261150.nat_gateway_id": "",
                            "route.1791261150.network_interface_id": "",
                            "route.1791261150.vpc_peering_connection_id": "pcx-9d780bf4",
                            "route.2706837789.cidr_block": "10.127.49.7/32",
                            "route.2706837789.egress_only_gateway_id": "",
                            "route.2706837789.gateway_id": "",
                            "route.2706837789.instance_id": "",
                            "route.2706837789.ipv6_cidr_block": "",
                            "route.2706837789.nat_gateway_id": "",
                            "route.2706837789.network_interface_id": "",
                            "route.2706837789.vpc_peering_connection_id": "pcx-fcc8b995",
                            "tags.%": "6",
                            "tags.KubernetesCluster": "us-east-1_jive-reco-pipeline",
                            "tags.Name": "integ-public-routetable",
                            "tags.account_name": "jive-reco-pipeline",
                            "tags.pipeline_phase": "integ",
                            "tags.region": "us-east-1",
                            "tags.sla": "non-prod",
                            "vpc_id": "vpc-2441dc5d"
                        },
                        "meta": {},
                        "tainted": false
                    },
                    "deposed": [],
                    "provider": ""
                },
                "aws_route_table_association.natdc.0": {
                    "type": "aws_route_table_association",
                    "depends_on": [
                        "aws_route_table.natdc.*",
                        "aws_subnet.natdc.*"
                    ],
                    "primary": {
                        "id": "rtbassoc-db8c9fa0",
                        "attributes": {
                            "id": "rtbassoc-db8c9fa0",
                            "route_table_id": "rtb-73b2920b",
                            "subnet_id": "subnet-914a05d9"
                        },
                        "meta": {},
                        "tainted": false
                    },
                    "deposed": [],
                    "provider": ""
                },
                "aws_route_table_association.natdc.1": {
                    "type": "aws_route_table_association",
                    "depends_on": [
                        "aws_route_table.natdc.*",
                        "aws_subnet.natdc.*"
                    ],
                    "primary": {
                        "id": "rtbassoc-be889bc5",
                        "attributes": {
                            "id": "rtbassoc-be889bc5",
                            "route_table_id": "rtb-dcac8ca4",
                            "subnet_id": "subnet-cf149895"
                        },
                        "meta": {},
                        "tainted": false
                    },
                    "deposed": [],
                    "provider": ""
                },
                "aws_route_table_association.natdc.2": {
                    "type": "aws_route_table_association",
                    "depends_on": [
                        "aws_route_table.natdc.*",
                        "aws_subnet.natdc.*"
                    ],
                    "primary": {
                        "id": "rtbassoc-e2b2a199",
                        "attributes": {
                            "id": "rtbassoc-e2b2a199",
                            "route_table_id": "rtb-43ac8c3b",
                            "subnet_id": "subnet-2123c745"
                        },
                        "meta": {},
                        "tainted": false
                    },
                    "deposed": [],
                    "provider": ""
                },
                "aws_route_table_association.natdc.3": {
                    "type": "aws_route_table_association",
                    "depends_on": [
                        "aws_route_table.natdc.*",
                        "aws_subnet.natdc.*"
                    ],
                    "primary": {
                        "id": "rtbassoc-ba8e9dc1",
                        "attributes": {
                            "id": "rtbassoc-ba8e9dc1",
                            "route_table_id": "rtb-48bb9b30",
                            "subnet_id": "subnet-49323475"
                        },
                        "meta": {},
                        "tainted": false
                    },
                    "deposed": [],
                    "provider": ""
                },
                "aws_route_table_association.natdc.4": {
                    "type": "aws_route_table_association",
                    "depends_on": [
                        "aws_route_table.natdc.*",
                        "aws_subnet.natdc.*"
                    ],
                    "primary": {
                        "id": "rtbassoc-da8c9fa1",
                        "attributes": {
                            "id": "rtbassoc-da8c9fa1",
                            "route_table_id": "rtb-33b9994b",
                            "subnet_id": "subnet-6770e44b"
                        },
                        "meta": {},
                        "tainted": false
                    },
                    "deposed": [],
                    "provider": ""
                },
                "aws_route_table_association.private.0": {
                    "type": "aws_route_table_association",
                    "depends_on": [
                        "aws_route_table.private",
                        "aws_subnet.private.*"
                    ],
                    "primary": {
                        "id": "rtbassoc-c0889bbb",
                        "attributes": {
                            "id": "rtbassoc-c0889bbb",
                            "route_table_id": "rtb-4cac8c34",
                            "subnet_id": "subnet-9173e7bd"
                        },
                        "meta": {},
                        "tainted": false
                    },
                    "deposed": [],
                    "provider": ""
                },
                "aws_route_table_association.private.1": {
                    "type": "aws_route_table_association",
                    "depends_on": [
                        "aws_route_table.private",
                        "aws_subnet.private.*"
                    ],
                    "primary": {
                        "id": "rtbassoc-878c9ffc",
                        "attributes": {
                            "id": "rtbassoc-878c9ffc",
                            "route_table_id": "rtb-4cac8c34",
                            "subnet_id": "subnet-f1347bb9"
                        },
                        "meta": {},
                        "tainted": false
                    },
                    "deposed": [],
                    "provider": ""
                },
                "aws_route_table_association.private.2": {
                    "type": "aws_route_table_association",
                    "depends_on": [
                        "aws_route_table.private",
                        "aws_subnet.private.*"
                    ],
                    "primary": {
                        "id": "rtbassoc-dbb1a2a0",
                        "attributes": {
                            "id": "rtbassoc-dbb1a2a0",
                            "route_table_id": "rtb-4cac8c34",
                            "subnet_id": "subnet-d9119d83"
                        },
                        "meta": {},
                        "tainted": false
                    },
                    "deposed": [],
                    "provider": ""
                },
                "aws_route_table_association.private.3": {
                    "type": "aws_route_table_association",
                    "depends_on": [
                        "aws_route_table.private",
                        "aws_subnet.private.*"
                    ],
                    "primary": {
                        "id": "rtbassoc-e18b989a",
                        "attributes": {
                            "id": "rtbassoc-e18b989a",
                            "route_table_id": "rtb-4cac8c34",
                            "subnet_id": "subnet-502dc934"
                        },
                        "meta": {},
                        "tainted": false
                    },
                    "deposed": [],
                    "provider": ""
                },
                "aws_route_table_association.private.4": {
                    "type": "aws_route_table_association",
                    "depends_on": [
                        "aws_route_table.private",
                        "aws_subnet.private.*"
                    ],
                    "primary": {
                        "id": "rtbassoc-9bb2a1e0",
                        "attributes": {
                            "id": "rtbassoc-9bb2a1e0",
                            "route_table_id": "rtb-4cac8c34",
                            "subnet_id": "subnet-0f313733"
                        },
                        "meta": {},
                        "tainted": false
                    },
                    "deposed": [],
                    "provider": ""
                },
                "aws_route_table_association.public.0": {
                    "type": "aws_route_table_association",
                    "depends_on": [
                        "aws_route_table.public",
                        "aws_subnet.public.*"
                    ],
                    "primary": {
                        "id": "rtbassoc-85b1a2fe",
                        "attributes": {
                            "id": "rtbassoc-85b1a2fe",
                            "route_table_id": "rtb-f7a9898f",
                            "subnet_id": "subnet-2476e208"
                        },
                        "meta": {},
                        "tainted": false
                    },
                    "deposed": [],
                    "provider": ""
                },
                "aws_route_table_association.public.1": {
                    "type": "aws_route_table_association",
                    "depends_on": [
                        "aws_route_table.public",
                        "aws_subnet.public.*"
                    ],
                    "primary": {
                        "id": "rtbassoc-a68a99dd",
                        "attributes": {
                            "id": "rtbassoc-a68a99dd",
                            "route_table_id": "rtb-f7a9898f",
                            "subnet_id": "subnet-d9337c91"
                        },
                        "meta": {},
                        "tainted": false
                    },
                    "deposed": [],
                    "provider": ""
                },
                "aws_route_table_association.public.2": {
                    "type": "aws_route_table_association",
                    "depends_on": [
                        "aws_route_table.public",
                        "aws_subnet.public.*"
                    ],
                    "primary": {
                        "id": "rtbassoc-1eb0a365",
                        "attributes": {
                            "id": "rtbassoc-1eb0a365",
                            "route_table_id": "rtb-f7a9898f",
                            "subnet_id": "subnet-2f169a75"
                        },
                        "meta": {},
                        "tainted": false
                    },
                    "deposed": [],
                    "provider": ""
                },
                "aws_route_table_association.public.3": {
                    "type": "aws_route_table_association",
                    "depends_on": [
                        "aws_route_table.public",
                        "aws_subnet.public.*"
                    ],
                    "primary": {
                        "id": "rtbassoc-ed8c9f96",
                        "attributes": {
                            "id": "rtbassoc-ed8c9f96",
                            "route_table_id": "rtb-f7a9898f",
                            "subnet_id": "subnet-3026c254"
                        },
                        "meta": {},
                        "tainted": false
                    },
                    "deposed": [],
                    "provider": ""
                },
                "aws_route_table_association.public.4": {
                    "type": "aws_route_table_association",
                    "depends_on": [
                        "aws_route_table.public",
                        "aws_subnet.public.*"
                    ],
                    "primary": {
                        "id": "rtbassoc-e4b1a29f",
                        "attributes": {
                            "id": "rtbassoc-e4b1a29f",
                            "route_table_id": "rtb-f7a9898f",
                            "subnet_id": "subnet-2c3f3910"
                        },
                        "meta": {},
                        "tainted": false
                    },
                    "deposed": [],
                    "provider": ""
                },
                "aws_security_group.admin_instance": {
                    "type": "aws_security_group",
                    "depends_on": [
                        "aws_vpc.main"
                    ],
                    "primary": {
                        "id": "sg-1e8ff76f",
                        "attributes": {
                            "description": "Admin instances for the VPC",
                            "egress.#": "0",
                            "id": "sg-1e8ff76f",
                            "ingress.#": "0",
                            "name": "integ-admin-instance",
                            "owner_id": "642745549043",
                            "tags.%": "5",
                            "tags.account_name": "jive-reco-pipeline",
                            "tags.name": "integ-admin-instance",
                            "tags.pipeline_phase": "integ",
                            "tags.region": "us-east-1",
                            "tags.sla": "non-prod",
                            "vpc_id": "vpc-2441dc5d"
                        },
                        "meta": {},
                        "tainted": false
                    },
                    "deposed": [],
                    "provider": ""
                },
                "aws_security_group.env_instance": {
                    "type": "aws_security_group",
                    "depends_on": [
                        "aws_vpc.main",
                        "data.aws_security_group.bastion"
                    ],
                    "primary": {
                        "id": "sg-6882fa19",
                        "attributes": {
                            "description": "All instances within the evironment",
                            "egress.#": "1",
                            "egress.482069346.cidr_blocks.#": "1",
                            "egress.482069346.cidr_blocks.0": "0.0.0.0/0",
                            "egress.482069346.from_port": "0",
                            "egress.482069346.ipv6_cidr_blocks.#": "0",
                            "egress.482069346.prefix_list_ids.#": "0",
                            "egress.482069346.protocol": "-1",
                            "egress.482069346.security_groups.#": "0",
                            "egress.482069346.self": "false",
                            "egress.482069346.to_port": "0",
                            "id": "sg-6882fa19",
                            "ingress.#": "2",
                            "ingress.2237159840.cidr_blocks.#": "0",
                            "ingress.2237159840.from_port": "22",
                            "ingress.2237159840.ipv6_cidr_blocks.#": "0",
                            "ingress.2237159840.protocol": "tcp",
                            "ingress.2237159840.security_groups.#": "1",
                            "ingress.2237159840.security_groups.1773334691": "sg-37631b46",
                            "ingress.2237159840.self": "false",
                            "ingress.2237159840.to_port": "22",
                            "ingress.942441987.cidr_blocks.#": "0",
                            "ingress.942441987.from_port": "8",
                            "ingress.942441987.ipv6_cidr_blocks.#": "0",
                            "ingress.942441987.protocol": "icmp",
                            "ingress.942441987.security_groups.#": "1",
                            "ingress.942441987.security_groups.1773334691": "sg-37631b46",
                            "ingress.942441987.self": "false",
                            "ingress.942441987.to_port": "0",
                            "name": "integ-instance",
                            "owner_id": "642745549043",
                            "tags.%": "5",
                            "tags.account_name": "jive-reco-pipeline",
                            "tags.name": "integ-instance",
                            "tags.pipeline_phase": "integ",
                            "tags.region": "us-east-1",
                            "tags.sla": "non-prod",
                            "vpc_id": "vpc-2441dc5d"
                        },
                        "meta": {},
                        "tainted": false
                    },
                    "deposed": [],
                    "provider": ""
                },
                "aws_security_group.natgw_instance": {
                    "type": "aws_security_group",
                    "depends_on": [
                        "aws_security_group.env_instance",
                        "aws_vpc.main"
                    ],
                    "primary": {
                        "id": "sg-8687fff7",
                        "attributes": {
                            "description": "Members of this SG are allowed to send any type of traffic to the NAT Box.",
                            "egress.#": "0",
                            "id": "sg-8687fff7",
                            "ingress.#": "1",
                            "ingress.3607264876.cidr_blocks.#": "0",
                            "ingress.3607264876.from_port": "0",
                            "ingress.3607264876.ipv6_cidr_blocks.#": "0",
                            "ingress.3607264876.protocol": "-1",
                            "ingress.3607264876.security_groups.#": "1",
                            "ingress.3607264876.security_groups.1764009592": "sg-6882fa19",
                            "ingress.3607264876.self": "false",
                            "ingress.3607264876.to_port": "0",
                            "name": "integ-natgw-instance",
                            "owner_id": "642745549043",
                            "tags.%": "5",
                            "tags.account_name": "jive-reco-pipeline",
                            "tags.name": "integ-natgw-instance",
                            "tags.pipeline_phase": "integ",
                            "tags.region": "us-east-1",
                            "tags.sla": "non-prod",
                            "vpc_id": "vpc-2441dc5d"
                        },
                        "meta": {},
                        "tainted": false
                    },
                    "deposed": [],
                    "provider": ""
                },
                "aws_subnet.natdc.0": {
                    "type": "aws_subnet",
                    "depends_on": [
                        "aws_vpc.main"
                    ],
                    "primary": {
                        "id": "subnet-6770e44b",
                        "attributes": {
                            "assign_ipv6_address_on_creation": "false",
                            "availability_zone": "us-east-1a",
                            "cidr_block": "10.126.16.0/25",
                            "id": "subnet-6770e44b",
                            "map_public_ip_on_launch": "false",
                            "tags.%": "5",
                            "tags.Name": "integ-natdc-subnet",
                            "tags.account_name": "jive-reco-pipeline",
                            "tags.pipeline_phase": "integ",
                            "tags.region": "us-east-1",
                            "tags.sla": "non-prod",
                            "vpc_id": "vpc-2441dc5d"
                        },
                        "meta": {
                            "schema_version": "1"
                        },
                        "tainted": false
                    },
                    "deposed": [],
                    "provider": ""
                },
                "aws_subnet.natdc.1": {
                    "type": "aws_subnet",
                    "depends_on": [
                        "aws_vpc.main"
                    ],
                    "primary": {
                        "id": "subnet-914a05d9",
                        "attributes": {
                            "assign_ipv6_address_on_creation": "false",
                            "availability_zone": "us-east-1b",
                            "cidr_block": "10.126.16.128/25",
                            "id": "subnet-914a05d9",
                            "map_public_ip_on_launch": "false",
                            "tags.%": "5",
                            "tags.Name": "integ-natdc-subnet",
                            "tags.account_name": "jive-reco-pipeline",
                            "tags.pipeline_phase": "integ",
                            "tags.region": "us-east-1",
                            "tags.sla": "non-prod",
                            "vpc_id": "vpc-2441dc5d"
                        },
                        "meta": {
                            "schema_version": "1"
                        },
                        "tainted": false
                    },
                    "deposed": [],
                    "provider": ""
                },
                "aws_subnet.natdc.2": {
                    "type": "aws_subnet",
                    "depends_on": [
                        "aws_vpc.main"
                    ],
                    "primary": {
                        "id": "subnet-cf149895",
                        "attributes": {
                            "assign_ipv6_address_on_creation": "false",
                            "availability_zone": "us-east-1c",
                            "cidr_block": "10.126.17.0/25",
                            "id": "subnet-cf149895",
                            "map_public_ip_on_launch": "false",
                            "tags.%": "5",
                            "tags.Name": "integ-natdc-subnet",
                            "tags.account_name": "jive-reco-pipeline",
                            "tags.pipeline_phase": "integ",
                            "tags.region": "us-east-1",
                            "tags.sla": "non-prod",
                            "vpc_id": "vpc-2441dc5d"
                        },
                        "meta": {
                            "schema_version": "1"
                        },
                        "tainted": false
                    },
                    "deposed": [],
                    "provider": ""
                },
                "aws_subnet.natdc.3": {
                    "type": "aws_subnet",
                    "depends_on": [
                        "aws_vpc.main"
                    ],
                    "primary": {
                        "id": "subnet-2123c745",
                        "attributes": {
                            "assign_ipv6_address_on_creation": "false",
                            "availability_zone": "us-east-1d",
                            "cidr_block": "10.126.17.128/25",
                            "id": "subnet-2123c745",
                            "map_public_ip_on_launch": "false",
                            "tags.%": "5",
                            "tags.Name": "integ-natdc-subnet",
                            "tags.account_name": "jive-reco-pipeline",
                            "tags.pipeline_phase": "integ",
                            "tags.region": "us-east-1",
                            "tags.sla": "non-prod",
                            "vpc_id": "vpc-2441dc5d"
                        },
                        "meta": {
                            "schema_version": "1"
                        },
                        "tainted": false
                    },
                    "deposed": [],
                    "provider": ""
                },
                "aws_subnet.natdc.4": {
                    "type": "aws_subnet",
                    "depends_on": [
                        "aws_vpc.main"
                    ],
                    "primary": {
                        "id": "subnet-49323475",
                        "attributes": {
                            "assign_ipv6_address_on_creation": "false",
                            "availability_zone": "us-east-1e",
                            "cidr_block": "10.126.18.0/25",
                            "id": "subnet-49323475",
                            "map_public_ip_on_launch": "false",
                            "tags.%": "5",
                            "tags.Name": "integ-natdc-subnet",
                            "tags.account_name": "jive-reco-pipeline",
                            "tags.pipeline_phase": "integ",
                            "tags.region": "us-east-1",
                            "tags.sla": "non-prod",
                            "vpc_id": "vpc-2441dc5d"
                        },
                        "meta": {
                            "schema_version": "1"
                        },
                        "tainted": false
                    },
                    "deposed": [],
                    "provider": ""
                },
                "aws_subnet.private.0": {
                    "type": "aws_subnet",
                    "depends_on": [
                        "aws_vpc.main"
                    ],
                    "primary": {
                        "id": "subnet-9173e7bd",
                        "attributes": {
                            "assign_ipv6_address_on_creation": "false",
                            "availability_zone": "us-east-1a",
                            "cidr_block": "10.126.19.32/27",
                            "id": "subnet-9173e7bd",
                            "map_public_ip_on_launch": "false",
                            "tags.%": "5",
                            "tags.Name": "integ-private-subnet",
                            "tags.account_name": "jive-reco-pipeline",
                            "tags.pipeline_phase": "integ",
                            "tags.region": "us-east-1",
                            "tags.sla": "non-prod",
                            "vpc_id": "vpc-2441dc5d"
                        },
                        "meta": {
                            "schema_version": "1"
                        },
                        "tainted": false
                    },
                    "deposed": [],
                    "provider": ""
                },
                "aws_subnet.private.1": {
                    "type": "aws_subnet",
                    "depends_on": [
                        "aws_vpc.main"
                    ],
                    "primary": {
                        "id": "subnet-f1347bb9",
                        "attributes": {
                            "assign_ipv6_address_on_creation": "false",
                            "availability_zone": "us-east-1b",
                            "cidr_block": "10.126.19.64/27",
                            "id": "subnet-f1347bb9",
                            "map_public_ip_on_launch": "false",
                            "tags.%": "5",
                            "tags.Name": "integ-private-subnet",
                            "tags.account_name": "jive-reco-pipeline",
                            "tags.pipeline_phase": "integ",
                            "tags.region": "us-east-1",
                            "tags.sla": "non-prod",
                            "vpc_id": "vpc-2441dc5d"
                        },
                        "meta": {
                            "schema_version": "1"
                        },
                        "tainted": false
                    },
                    "deposed": [],
                    "provider": ""
                },
                "aws_subnet.private.2": {
                    "type": "aws_subnet",
                    "depends_on": [
                        "aws_vpc.main"
                    ],
                    "primary": {
                        "id": "subnet-d9119d83",
                        "attributes": {
                            "assign_ipv6_address_on_creation": "false",
                            "availability_zone": "us-east-1c",
                            "cidr_block": "10.126.19.96/27",
                            "id": "subnet-d9119d83",
                            "map_public_ip_on_launch": "false",
                            "tags.%": "5",
                            "tags.Name": "integ-private-subnet",
                            "tags.account_name": "jive-reco-pipeline",
                            "tags.pipeline_phase": "integ",
                            "tags.region": "us-east-1",
                            "tags.sla": "non-prod",
                            "vpc_id": "vpc-2441dc5d"
                        },
                        "meta": {
                            "schema_version": "1"
                        },
                        "tainted": false
                    },
                    "deposed": [],
                    "provider": ""
                },
                "aws_subnet.private.3": {
                    "type": "aws_subnet",
                    "depends_on": [
                        "aws_vpc.main"
                    ],
                    "primary": {
                        "id": "subnet-502dc934",
                        "attributes": {
                            "assign_ipv6_address_on_creation": "false",
                            "availability_zone": "us-east-1d",
                            "cidr_block": "10.126.19.128/27",
                            "id": "subnet-502dc934",
                            "map_public_ip_on_launch": "false",
                            "tags.%": "5",
                            "tags.Name": "integ-private-subnet",
                            "tags.account_name": "jive-reco-pipeline",
                            "tags.pipeline_phase": "integ",
                            "tags.region": "us-east-1",
                            "tags.sla": "non-prod",
                            "vpc_id": "vpc-2441dc5d"
                        },
                        "meta": {
                            "schema_version": "1"
                        },
                        "tainted": false
                    },
                    "deposed": [],
                    "provider": ""
                },
                "aws_subnet.private.4": {
                    "type": "aws_subnet",
                    "depends_on": [
                        "aws_vpc.main"
                    ],
                    "primary": {
                        "id": "subnet-0f313733",
                        "attributes": {
                            "assign_ipv6_address_on_creation": "false",
                            "availability_zone": "us-east-1e",
                            "cidr_block": "10.126.19.160/27",
                            "id": "subnet-0f313733",
                            "map_public_ip_on_launch": "false",
                            "tags.%": "5",
                            "tags.Name": "integ-private-subnet",
                            "tags.account_name": "jive-reco-pipeline",
                            "tags.pipeline_phase": "integ",
                            "tags.region": "us-east-1",
                            "tags.sla": "non-prod",
                            "vpc_id": "vpc-2441dc5d"
                        },
                        "meta": {
                            "schema_version": "1"
                        },
                        "tainted": false
                    },
                    "deposed": [],
                    "provider": ""
                },
                "aws_subnet.public.0": {
                    "type": "aws_subnet",
                    "depends_on": [
                        "aws_vpc.main"
                    ],
                    "primary": {
                        "id": "subnet-2476e208",
                        "attributes": {
                            "assign_ipv6_address_on_creation": "false",
                            "availability_zone": "us-east-1a",
                            "cidr_block": "10.126.18.128/27",
                            "id": "subnet-2476e208",
                            "map_public_ip_on_launch": "false",
                            "tags.%": "6",
                            "tags.KubernetesCluster": "us-east-1_jive-reco-pipeline",
                            "tags.Name": "integ-public-subnet",
                            "tags.account_name": "jive-reco-pipeline",
                            "tags.pipeline_phase": "integ",
                            "tags.region": "us-east-1",
                            "tags.sla": "non-prod",
                            "vpc_id": "vpc-2441dc5d"
                        },
                        "meta": {
                            "schema_version": "1"
                        },
                        "tainted": false
                    },
                    "deposed": [],
                    "provider": ""
                },
                "aws_subnet.public.1": {
                    "type": "aws_subnet",
                    "depends_on": [
                        "aws_vpc.main"
                    ],
                    "primary": {
                        "id": "subnet-d9337c91",
                        "attributes": {
                            "assign_ipv6_address_on_creation": "false",
                            "availability_zone": "us-east-1b",
                            "cidr_block": "10.126.18.160/27",
                            "id": "subnet-d9337c91",
                            "map_public_ip_on_launch": "false",
                            "tags.%": "6",
                            "tags.KubernetesCluster": "us-east-1_jive-reco-pipeline",
                            "tags.Name": "integ-public-subnet",
                            "tags.account_name": "jive-reco-pipeline",
                            "tags.pipeline_phase": "integ",
                            "tags.region": "us-east-1",
                            "tags.sla": "non-prod",
                            "vpc_id": "vpc-2441dc5d"
                        },
                        "meta": {
                            "schema_version": "1"
                        },
                        "tainted": false
                    },
                    "deposed": [],
                    "provider": ""
                },
                "aws_subnet.public.2": {
                    "type": "aws_subnet",
                    "depends_on": [
                        "aws_vpc.main"
                    ],
                    "primary": {
                        "id": "subnet-2f169a75",
                        "attributes": {
                            "assign_ipv6_address_on_creation": "false",
                            "availability_zone": "us-east-1c",
                            "cidr_block": "10.126.18.192/27",
                            "id": "subnet-2f169a75",
                            "map_public_ip_on_launch": "false",
                            "tags.%": "6",
                            "tags.KubernetesCluster": "us-east-1_jive-reco-pipeline",
                            "tags.Name": "integ-public-subnet",
                            "tags.account_name": "jive-reco-pipeline",
                            "tags.pipeline_phase": "integ",
                            "tags.region": "us-east-1",
                            "tags.sla": "non-prod",
                            "vpc_id": "vpc-2441dc5d"
                        },
                        "meta": {
                            "schema_version": "1"
                        },
                        "tainted": false
                    },
                    "deposed": [],
                    "provider": ""
                },
                "aws_subnet.public.3": {
                    "type": "aws_subnet",
                    "depends_on": [
                        "aws_vpc.main"
                    ],
                    "primary": {
                        "id": "subnet-3026c254",
                        "attributes": {
                            "assign_ipv6_address_on_creation": "false",
                            "availability_zone": "us-east-1d",
                            "cidr_block": "10.126.18.224/27",
                            "id": "subnet-3026c254",
                            "map_public_ip_on_launch": "false",
                            "tags.%": "6",
                            "tags.KubernetesCluster": "us-east-1_jive-reco-pipeline",
                            "tags.Name": "integ-public-subnet",
                            "tags.account_name": "jive-reco-pipeline",
                            "tags.pipeline_phase": "integ",
                            "tags.region": "us-east-1",
                            "tags.sla": "non-prod",
                            "vpc_id": "vpc-2441dc5d"
                        },
                        "meta": {
                            "schema_version": "1"
                        },
                        "tainted": false
                    },
                    "deposed": [],
                    "provider": ""
                },
                "aws_subnet.public.4": {
                    "type": "aws_subnet",
                    "depends_on": [
                        "aws_vpc.main"
                    ],
                    "primary": {
                        "id": "subnet-2c3f3910",
                        "attributes": {
                            "assign_ipv6_address_on_creation": "false",
                            "availability_zone": "us-east-1e",
                            "cidr_block": "10.126.19.0/27",
                            "id": "subnet-2c3f3910",
                            "map_public_ip_on_launch": "false",
                            "tags.%": "6",
                            "tags.KubernetesCluster": "us-east-1_jive-reco-pipeline",
                            "tags.Name": "integ-public-subnet",
                            "tags.account_name": "jive-reco-pipeline",
                            "tags.pipeline_phase": "integ",
                            "tags.region": "us-east-1",
                            "tags.sla": "non-prod",
                            "vpc_id": "vpc-2441dc5d"
                        },
                        "meta": {
                            "schema_version": "1"
                        },
                        "tainted": false
                    },
                    "deposed": [],
                    "provider": ""
                },
                "aws_vpc.main": {
                    "type": "aws_vpc",
                    "depends_on": [],
                    "primary": {
                        "id": "vpc-2441dc5d",
                        "attributes": {
                            "assign_generated_ipv6_cidr_block": "false",
                            "cidr_block": "10.126.16.0/22",
                            "default_network_acl_id": "acl-fc4f4885",
                            "default_route_table_id": "rtb-60b09018",
                            "default_security_group_id": "sg-6084fc11",
                            "dhcp_options_id": "dopt-ecebfd89",
                            "enable_classiclink": "false",
                            "enable_dns_hostnames": "true",
                            "enable_dns_support": "true",
                            "id": "vpc-2441dc5d",
                            "instance_tenancy": "default",
                            "main_route_table_id": "rtb-60b09018",
                            "tags.%": "5",
                            "tags.Name": "integ-vpc",
                            "tags.account_name": "jive-reco-pipeline",
                            "tags.pipeline_phase": "integ",
                            "tags.region": "us-east-1",
                            "tags.sla": "non-prod"
                        },
                        "meta": {
                            "schema_version": "1"
                        },
                        "tainted": false
                    },
                    "deposed": [],
                    "provider": ""
                },
                "aws_vpc_peering_connection.infra": {
                    "type": "aws_vpc_peering_connection",
                    "depends_on": [
                        "aws_vpc.main"
                    ],
                    "primary": {
                        "id": "pcx-fcc8b995",
                        "attributes": {
                            "accept_status": "active",
                            "accepter.#": "1",
                            "accepter.3244290774.allow_classic_link_to_remote_vpc": "false",
                            "accepter.3244290774.allow_remote_vpc_dns_resolution": "false",
                            "accepter.3244290774.allow_vpc_to_remote_classic_link": "false",
                            "auto_accept": "true",
                            "id": "pcx-fcc8b995",
                            "peer_owner_id": "642745549043",
                            "peer_vpc_id": "vpc-05a8357c",
                            "requester.#": "1",
                            "requester.3244290774.allow_classic_link_to_remote_vpc": "false",
                            "requester.3244290774.allow_remote_vpc_dns_resolution": "false",
                            "requester.3244290774.allow_vpc_to_remote_classic_link": "false",
                            "tags.%": "5",
                            "tags.Name": "integ_to_infra-jive-reco-pipeline",
                            "tags.account_name": "jive-reco-pipeline",
                            "tags.pipeline_phase": "integ",
                            "tags.region": "us-east-1",
                            "tags.sla": "non-prod",
                            "vpc_id": "vpc-2441dc5d"
                        },
                        "meta": {},
                        "tainted": false
                    },
                    "deposed": [],
                    "provider": ""
                },
                "aws_vpn_connection.main": {
                    "type": "aws_vpn_connection",
                    "depends_on": [
                        "aws_vpn_gateway.vgw"
                    ],
                    "primary": {
                        "id": "vpn-fe60739f",
                        "attributes": {
                            "customer_gateway_configuration": "\u003c?xml version=\"1.0\" encoding=\"UTF-8\"?\u003e\n\u003cvpn_connection id=\"vpn-fe60739f\"\u003e\n  \u003ccustomer_gateway_id\u003ecgw-d09a71b9\u003c/customer_gateway_id\u003e\n  \u003cvpn_gateway_id\u003evgw-1d8b6074\u003c/vpn_gateway_id\u003e\n  \u003cvpn_connection_type\u003eipsec.1\u003c/vpn_connection_type\u003e\n  \u003cipsec_tunnel\u003e\n    \u003ccustomer_gateway\u003e\n      \u003ctunnel_outside_address\u003e\n        \u003cip_address\u003e204.93.64.130\u003c/ip_address\u003e\n      \u003c/tunnel_outside_address\u003e\n      \u003ctunnel_inside_address\u003e\n        \u003cip_address\u003e169.254.44.126\u003c/ip_address\u003e\n        \u003cnetwork_mask\u003e255.255.255.252\u003c/network_mask\u003e\n        \u003cnetwork_cidr\u003e30\u003c/network_cidr\u003e\n      \u003c/tunnel_inside_address\u003e\n      \u003cbgp\u003e\n        \u003casn\u003e13364\u003c/asn\u003e\n        \u003chold_time\u003e30\u003c/hold_time\u003e\n      \u003c/bgp\u003e\n    \u003c/customer_gateway\u003e\n    \u003cvpn_gateway\u003e\n      \u003ctunnel_outside_address\u003e\n        \u003cip_address\u003e34.231.232.117\u003c/ip_address\u003e\n      \u003c/tunnel_outside_address\u003e\n      \u003ctunnel_inside_address\u003e\n        \u003cip_address\u003e169.254.44.125\u003c/ip_address\u003e\n        \u003cnetwork_mask\u003e255.255.255.252\u003c/network_mask\u003e\n        \u003cnetwork_cidr\u003e30\u003c/network_cidr\u003e\n      \u003c/tunnel_inside_address\u003e\n      \u003cbgp\u003e\n        \u003casn\u003e7224\u003c/asn\u003e\n        \u003chold_time\u003e30\u003c/hold_time\u003e\n      \u003c/bgp\u003e\n    \u003c/vpn_gateway\u003e\n    \u003cike\u003e\n      \u003cauthentication_protocol\u003esha1\u003c/authentication_protocol\u003e\n      \u003cencryption_protocol\u003eaes-128-cbc\u003c/encryption_protocol\u003e\n      \u003clifetime\u003e28800\u003c/lifetime\u003e\n      \u003cperfect_forward_secrecy\u003egroup2\u003c/perfect_forward_secrecy\u003e\n      \u003cmode\u003emain\u003c/mode\u003e\n      \u003cpre_shared_key\u003eAwrn0q5vnNFA6VLgUd2AnicnVI3ALxnz\u003c/pre_shared_key\u003e\n    \u003c/ike\u003e\n    \u003cipsec\u003e\n      \u003cprotocol\u003eesp\u003c/protocol\u003e\n      \u003cauthentication_protocol\u003ehmac-sha1-96\u003c/authentication_protocol\u003e\n      \u003cencryption_protocol\u003eaes-128-cbc\u003c/encryption_protocol\u003e\n      \u003clifetime\u003e3600\u003c/lifetime\u003e\n      \u003cperfect_forward_secrecy\u003egroup2\u003c/perfect_forward_secrecy\u003e\n      \u003cmode\u003etunnel\u003c/mode\u003e\n      \u003cclear_df_bit\u003etrue\u003c/clear_df_bit\u003e\n      \u003cfragmentation_before_encryption\u003etrue\u003c/fragmentation_before_encryption\u003e\n      \u003ctcp_mss_adjustment\u003e1379\u003c/tcp_mss_adjustment\u003e\n      \u003cdead_peer_detection\u003e\n        \u003cinterval\u003e10\u003c/interval\u003e\n        \u003cretries\u003e3\u003c/retries\u003e\n      \u003c/dead_peer_detection\u003e\n    \u003c/ipsec\u003e\n  \u003c/ipsec_tunnel\u003e\n  \u003cipsec_tunnel\u003e\n    \u003ccustomer_gateway\u003e\n      \u003ctunnel_outside_address\u003e\n        \u003cip_address\u003e204.93.64.130\u003c/ip_address\u003e\n      \u003c/tunnel_outside_address\u003e\n      \u003ctunnel_inside_address\u003e\n        \u003cip_address\u003e169.254.47.50\u003c/ip_address\u003e\n        \u003cnetwork_mask\u003e255.255.255.252\u003c/network_mask\u003e\n        \u003cnetwork_cidr\u003e30\u003c/network_cidr\u003e\n      \u003c/tunnel_inside_address\u003e\n      \u003cbgp\u003e\n        \u003casn\u003e13364\u003c/asn\u003e\n        \u003chold_time\u003e30\u003c/hold_time\u003e\n      \u003c/bgp\u003e\n    \u003c/customer_gateway\u003e\n    \u003cvpn_gateway\u003e\n      \u003ctunnel_outside_address\u003e\n        \u003cip_address\u003e34.232.17.63\u003c/ip_address\u003e\n      \u003c/tunnel_outside_address\u003e\n      \u003ctunnel_inside_address\u003e\n        \u003cip_address\u003e169.254.47.49\u003c/ip_address\u003e\n        \u003cnetwork_mask\u003e255.255.255.252\u003c/network_mask\u003e\n        \u003cnetwork_cidr\u003e30\u003c/network_cidr\u003e\n      \u003c/tunnel_inside_address\u003e\n      \u003cbgp\u003e\n        \u003casn\u003e7224\u003c/asn\u003e\n        \u003chold_time\u003e30\u003c/hold_time\u003e\n      \u003c/bgp\u003e\n    \u003c/vpn_gateway\u003e\n    \u003cike\u003e\n      \u003cauthentication_protocol\u003esha1\u003c/authentication_protocol\u003e\n      \u003cencryption_protocol\u003eaes-128-cbc\u003c/encryption_protocol\u003e\n      \u003clifetime\u003e28800\u003c/lifetime\u003e\n      \u003cperfect_forward_secrecy\u003egroup2\u003c/perfect_forward_secrecy\u003e\n      \u003cmode\u003emain\u003c/mode\u003e\n      \u003cpre_shared_key\u003eNMJ0wDSum0ItR7tVEciyNrOSII9jSJ1_\u003c/pre_shared_key\u003e\n    \u003c/ike\u003e\n    \u003cipsec\u003e\n      \u003cprotocol\u003eesp\u003c/protocol\u003e\n      \u003cauthentication_protocol\u003ehmac-sha1-96\u003c/authentication_protocol\u003e\n      \u003cencryption_protocol\u003eaes-128-cbc\u003c/encryption_protocol\u003e\n      \u003clifetime\u003e3600\u003c/lifetime\u003e\n      \u003cperfect_forward_secrecy\u003egroup2\u003c/perfect_forward_secrecy\u003e\n      \u003cmode\u003etunnel\u003c/mode\u003e\n      \u003cclear_df_bit\u003etrue\u003c/clear_df_bit\u003e\n      \u003cfragmentation_before_encryption\u003etrue\u003c/fragmentation_before_encryption\u003e\n      \u003ctcp_mss_adjustment\u003e1379\u003c/tcp_mss_adjustment\u003e\n      \u003cdead_peer_detection\u003e\n        \u003cinterval\u003e10\u003c/interval\u003e\n        \u003cretries\u003e3\u003c/retries\u003e\n      \u003c/dead_peer_detection\u003e\n    \u003c/ipsec\u003e\n  \u003c/ipsec_tunnel\u003e\n\u003c/vpn_connection\u003e",
                            "customer_gateway_id": "cgw-d09a71b9",
                            "id": "vpn-fe60739f",
                            "routes.#": "0",
                            "static_routes_only": "false",
                            "tags.%": "5",
                            "tags.Name": "integ-jive-vpn",
                            "tags.account_name": "jive-reco-pipeline",
                            "tags.pipeline_phase": "integ",
                            "tags.region": "us-east-1",
                            "tags.sla": "non-prod",
                            "tunnel1_address": "34.231.232.117",
                            "tunnel1_preshared_key": "Awrn0q5vnNFA6VLgUd2AnicnVI3ALxnz",
                            "tunnel2_address": "34.232.17.63",
                            "tunnel2_preshared_key": "NMJ0wDSum0ItR7tVEciyNrOSII9jSJ1_",
                            "type": "ipsec.1",
                            "vgw_telemetry.#": "2",
                            "vgw_telemetry.1481252590.accepted_route_count": "0",
                            "vgw_telemetry.1481252590.last_status_change": "2017-07-31 23:30:28 +0000 UTC",
                            "vgw_telemetry.1481252590.outside_ip_address": "34.232.17.63",
                            "vgw_telemetry.1481252590.status": "DOWN",
                            "vgw_telemetry.1481252590.status_message": "IPSEC IS DOWN",
                            "vgw_telemetry.2763342138.accepted_route_count": "0",
                            "vgw_telemetry.2763342138.last_status_change": "2017-07-31 23:28:46 +0000 UTC",
                            "vgw_telemetry.2763342138.outside_ip_address": "34.231.232.117",
                            "vgw_telemetry.2763342138.status": "DOWN",
                            "vgw_telemetry.2763342138.status_message": "IPSEC IS DOWN",
                            "vpn_gateway_id": "vgw-1d8b6074"
                        },
                        "meta": {},
                        "tainted": false
                    },
                    "deposed": [],
                    "provider": ""
                },
                "aws_vpn_gateway.vgw": {
                    "type": "aws_vpn_gateway",
                    "depends_on": [
                        "aws_vpc.main"
                    ],
                    "primary": {
                        "id": "vgw-1d8b6074",
                        "attributes": {
                            "id": "vgw-1d8b6074",
                            "tags.%": "7",
                            "tags.Name": "integ-vgw",
                            "tags.account_name": "jive-reco-pipeline",
                            "tags.jive_service": "infrastructure",
                            "tags.pipeline_phase": "integ",
                            "tags.region": "us-east-1",
                            "tags.service_component": "vpn_gateway",
                            "tags.sla": "non-prod",
                            "vpc_id": "vpc-2441dc5d"
                        },
                        "meta": {},
                        "tainted": false
                    },
                    "deposed": [],
                    "provider": ""
                },
                "data.aws_security_group.bastion": {
                    "type": "aws_security_group",
                    "depends_on": [],
                    "primary": {
                        "id": "sg-37631b46",
                        "attributes": {
                            "filter.#": "1",
                            "filter.1988431066.name": "tag:jive_service",
                            "filter.1988431066.values.#": "1",
                            "filter.1988431066.values.2480389212": "infrastructure",
                            "id": "sg-37631b46",
                            "name": "infra-pipeline-jive-phx-dc",
                            "tags.%": "6",
                            "tags.Name": "infra-pipeline-jive-phx-dc",
                            "tags.account_name": "jive-reco-pipeline",
                            "tags.jive_service": "infrastructure",
                            "tags.pipeline_phase": "infra-pipeline",
                            "tags.region": "us-east-1",
                            "tags.sla": "non-prod",
                            "vpc_id": "vpc-05a8357c"
                        },
                        "meta": {},
                        "tainted": false
                    },
                    "deposed": [],
                    "provider": ""
                }
            },
            "depends_on": []
        }
    ]
}
