{
    "version": 3,
    "terraform_version": "0.7.13",
    "serial": 1,
    "lineage": "eeb722ef-d218-4fb5-9cbb-ab0c03441fe1",
    "modules": [
        {
            "path": [
                "root"
            ],
            "outputs": {},
            "resources": {
                "aws_ebs_volume.conversation_volume": {
                    "type": "aws_ebs_volume",
                    "depends_on": [
                        "aws_instance.conversation"
                    ],
                    "primary": {
                        "id": "vol-0c244341ff4cb1801",
                        "attributes": {
                            "availability_zone": "us-west-2a",
                            "encrypted": "true",
                            "id": "vol-0c244341ff4cb1801",
                            "size": "20",
                            "snapshot_id": "",
                            "tags.%": "6",
                            "tags.Jive_service": "playbox",
                            "tags.Name": "ms-integ-conversation-volume1",
                            "tags.Pipeline_phase": "ms-integ",
                            "tags.Service_component": "conversation",
                            "tags.Terraform_file": "microservices//conversation.tf",
                            "tags.Terraform_resource": "aws_ebs_volume.conversation_volume",
                            "type": "gp2"
                        },
                        "meta": {},
                        "tainted": false
                    },
                    "deposed": [],
                    "provider": ""
                },
                "aws_instance.conversation": {
                    "type": "aws_instance",
                    "depends_on": [
                        "aws_security_group.conversation",
                        "aws_security_group.conversation_common"
                    ],
                    "primary": {
                        "id": "i-07c93d331e00ea4df",
                        "attributes": {
                            "ami": "ami-d2c924b2",
                            "associate_public_ip_address": "false",
                            "availability_zone": "us-west-2a",
                            "disable_api_termination": "false",
                            "ebs_block_device.#": "0",
                            "ebs_optimized": "false",
                            "ephemeral_block_device.#": "0",
                            "iam_instance_profile": "",
                            "id": "i-07c93d331e00ea4df",
                            "instance_state": "running",
                            "instance_type": "t2.medium",
                            "key_name": "playbox-pipeline",
                            "monitoring": "false",
                            "network_interface_id": "eni-d6e351fd",
                            "private_dns": "ip-10-124-2-199.us-west-2.compute.internal",
                            "private_ip": "10.124.2.199",
                            "public_dns": "",
                            "public_ip": "",
                            "root_block_device.#": "1",
                            "root_block_device.0.delete_on_termination": "true",
                            "root_block_device.0.iops": "100",
                            "root_block_device.0.volume_size": "8",
                            "root_block_device.0.volume_type": "gp2",
                            "security_groups.#": "0",
                            "source_dest_check": "true",
                            "subnet_id": "subnet-ada073c9",
                            "tags.%": "7",
                            "tags.Jive_service": "playbox",
                            "tags.Name": "ms-integ-conversation1.jiveprivate.com",
                            "tags.Node_index": "1",
                            "tags.Pipeline_phase": "ms-integ",
                            "tags.Service_component": "conversation",
                            "tags.Terraform_file": "microservices/playbox/conversation.tf",
                            "tags.Terraform_resource": "aws_instance.conversation",
                            "tenancy": "default",
                            "vpc_security_group_ids.#": "2",
                            "vpc_security_group_ids.2093587879": "sg-acdb46d7",
                            "vpc_security_group_ids.2881405463": "sg-feda4785"
                        },
                        "meta": {
                            "schema_version": "1"
                        },
                        "tainted": false
                    },
                    "deposed": [],
                    "provider": ""
                },
                "aws_route53_record.conversation": {
                    "type": "aws_route53_record",
                    "depends_on": [
                        "aws_instance.conversation"
                    ],
                    "primary": {
                        "id": "Z31KC7C52TU6MQ_ms-integ-conversation1.jiveprivate.com_A",
                        "attributes": {
                            "fqdn": "ms-integ-conversation1.jiveprivate.com",
                            "health_check_id": "",
                            "id": "Z31KC7C52TU6MQ_ms-integ-conversation1.jiveprivate.com_A",
                            "name": "ms-integ-conversation1.jiveprivate.com",
                            "records.#": "1",
                            "records.4255848467": "10.124.2.199",
                            "set_identifier": "",
                            "ttl": "300",
                            "type": "A",
                            "zone_id": "Z31KC7C52TU6MQ"
                        },
                        "meta": {
                            "schema_version": "2"
                        },
                        "tainted": false
                    },
                    "deposed": [],
                    "provider": ""
                },
                "aws_security_group.conversation": {
                    "type": "aws_security_group",
                    "depends_on": [],
                    "primary": {
                        "id": "sg-acdb46d7",
                        "attributes": {
                            "description": "Access to rethink db",
                            "egress.#": "0",
                            "id": "sg-acdb46d7",
                            "ingress.#": "1",
                            "ingress.2515188072.cidr_blocks.#": "0",
                            "ingress.2515188072.from_port": "28015",
                            "ingress.2515188072.protocol": "tcp",
                            "ingress.2515188072.security_groups.#": "0",
                            "ingress.2515188072.self": "true",
                            "ingress.2515188072.to_port": "28015",
                            "name": "ms-integ-conversation",
                            "owner_id": "811034720611",
                            "tags.%": "4",
                            "tags.Jive_Service": "playbox",
                            "tags.Name": "ms-integ-conversation",
                            "tags.Pipeline_Phase": "ms-integ",
                            "tags.Service_Component": "conversation",
                            "vpc_id": "vpc-895e96ed"
                        },
                        "meta": {},
                        "tainted": false
                    },
                    "deposed": [],
                    "provider": ""
                },
                "aws_security_group.conversation_common": {
                    "type": "aws_security_group",
                    "depends_on": [],
                    "primary": {
                        "id": "sg-feda4785",
                        "attributes": {
                            "description": "Common permissions",
                            "egress.#": "1",
                            "egress.482069346.cidr_blocks.#": "1",
                            "egress.482069346.cidr_blocks.0": "0.0.0.0/0",
                            "egress.482069346.from_port": "0",
                            "egress.482069346.prefix_list_ids.#": "0",
                            "egress.482069346.protocol": "-1",
                            "egress.482069346.security_groups.#": "0",
                            "egress.482069346.self": "false",
                            "egress.482069346.to_port": "0",
                            "id": "sg-feda4785",
                            "ingress.#": "1",
                            "ingress.3885774479.cidr_blocks.#": "0",
                            "ingress.3885774479.from_port": "22",
                            "ingress.3885774479.protocol": "tcp",
                            "ingress.3885774479.security_groups.#": "1",
                            "ingress.3885774479.security_groups.1891631359": "sg-f89fe59f",
                            "ingress.3885774479.self": "false",
                            "ingress.3885774479.to_port": "22",
                            "name": "ms-integ-conversation_common",
                            "owner_id": "811034720611",
                            "tags.%": "0",
                            "vpc_id": "vpc-895e96ed"
                        },
                        "meta": {},
                        "tainted": false
                    },
                    "deposed": [],
                    "provider": ""
                },
                "aws_volume_attachment.conversation_volume_attachment": {
                    "type": "aws_volume_attachment",
                    "depends_on": [
                        "aws_ebs_volume.conversation_volume",
                        "aws_instance.conversation"
                    ],
                    "primary": {
                        "id": "vai-4240289852",
                        "attributes": {
                            "device_name": "/dev/sdb",
                            "force_detach": "true",
                            "id": "vai-4240289852",
                            "instance_id": "i-07c93d331e00ea4df",
                            "volume_id": "vol-0c244341ff4cb1801"
                        },
                        "meta": {},
                        "tainted": false
                    },
                    "deposed": [],
                    "provider": ""
                }
            },
            "depends_on": []
        }
    ]
}
