{
    "version": 3,
    "terraform_version": "0.9.4",
    "serial": 1,
    "lineage": "eefc0e70-29eb-42d3-886b-69ba54690384",
    "modules": [
        {
            "path": [
                "root"
            ],
            "outputs": {},
            "resources": {
                "aws_instance.test_node": {
                    "type": "aws_instance",
                    "depends_on": [],
                    "primary": {
                        "id": "i-0b4049b60d6cd5b57",
                        "attributes": {
                            "ami": "ami-6d1c2007",
                            "associate_public_ip_address": "false",
                            "availability_zone": "us-east-1a",
                            "disable_api_termination": "false",
                            "ebs_block_device.#": "0",
                            "ebs_optimized": "false",
                            "ephemeral_block_device.#": "0",
                            "iam_instance_profile": "",
                            "id": "i-0b4049b60d6cd5b57",
                            "instance_state": "running",
                            "instance_type": "t2.micro",
                            "ipv6_address_count": "0",
                            "ipv6_addresses.#": "0",
                            "key_name": "data-brewprod",
                            "monitoring": "false",
                            "network_interface.#": "0",
                            "network_interface_id": "eni-2b952c84",
                            "primary_network_interface_id": "eni-2b952c84",
                            "private_dns": "ip-10-123-32-99.ec2.internal",
                            "private_ip": "10.123.32.99",
                            "public_dns": "",
                            "public_ip": "",
                            "root_block_device.#": "1",
                            "root_block_device.0.delete_on_termination": "true",
                            "root_block_device.0.iops": "100",
                            "root_block_device.0.volume_size": "8",
                            "root_block_device.0.volume_type": "gp2",
                            "security_groups.#": "0",
                            "source_dest_check": "true",
                            "subnet_id": "subnet-fef563d2",
                            "tags.%": "7",
                            "tags.Name": "brewprod-test-node",
                            "tags.account_name": "jive-data-brewprod",
                            "tags.jive_service": "infrastructure",
                            "tags.pipeline_phase": "brewprod",
                            "tags.region": "us-east-1",
                            "tags.service_component": "test-node",
                            "tags.sla": "prod",
                            "tenancy": "default",
                            "volume_tags.%": "0",
                            "vpc_security_group_ids.#": "1",
                            "vpc_security_group_ids.1760461824": "sg-c2f9beb3"
                        },
                        "meta": {
                            "schema_version": "1"
                        },
                        "tainted": false
                    },
                    "deposed": [],
                    "provider": ""
                }
            },
            "depends_on": []
        }
    ]
}
