{
    "version": 3,
    "terraform_version": "0.9.4",
    "serial": 12,
    "lineage": "27499d0c-d142-496d-ad2f-15f5adbe4742",
    "modules": [
        {
            "path": [
                "root"
            ],
            "outputs": {},
            "resources": {
                "aws_s3_bucket.upena_bucket": {
                    "type": "aws_s3_bucket",
                    "depends_on": [],
                    "primary": {
                        "id": "us-east-1-jive-reco-pipeline-upena-bin",
                        "attributes": {
                            "acceleration_status": "",
                            "acl": "private",
                            "arn": "arn:aws:s3:::us-east-1-jive-reco-pipeline-upena-bin",
                            "bucket": "us-east-1-jive-reco-pipeline-upena-bin",
                            "bucket_domain_name": "us-east-1-jive-reco-pipeline-upena-bin.s3.amazonaws.com",
                            "force_destroy": "false",
                            "hosted_zone_id": "Z3AQBSTGFYJSTF",
                            "id": "us-east-1-jive-reco-pipeline-upena-bin",
                            "logging.#": "0",
                            "region": "us-east-1",
                            "request_payer": "BucketOwner",
                            "tags.%": "0",
                            "versioning.#": "1",
                            "versioning.0.enabled": "false",
                            "versioning.0.mfa_delete": "false",
                            "website.#": "0"
                        },
                        "meta": {},
                        "tainted": false
                    },
                    "deposed": [],
                    "provider": ""
                },
                "aws_s3_bucket_object.upena_bootstrap": {
                    "type": "aws_s3_bucket_object",
                    "depends_on": [
                        "aws_s3_bucket.upena_bucket"
                    ],
                    "primary": {
                        "id": "bin/bootstrap.sh",
                        "attributes": {
                            "acl": "private",
                            "bucket": "us-east-1-jive-reco-pipeline-upena-bin",
                            "cache_control": "",
                            "content_disposition": "",
                            "content_encoding": "",
                            "content_language": "",
                            "content_type": "binary/octet-stream",
                            "etag": "3ace4f80df1c62be9475824b3c13abad",
                            "id": "bin/bootstrap.sh",
                            "key": "bin/bootstrap.sh",
                            "server_side_encryption": "",
                            "source": "bootstrap.sh",
                            "storage_class": "STANDARD",
                            "tags.%": "0",
                            "version_id": ""
                        },
                        "meta": {},
                        "tainted": false
                    },
                    "deposed": [],
                    "provider": ""
                },
                "aws_s3_bucket_object.upena_datadog": {
                    "type": "aws_s3_bucket_object",
                    "depends_on": [
                        "aws_s3_bucket.upena_bucket"
                    ],
                    "primary": {
                        "id": "bin/datadog.sh",
                        "attributes": {
                            "acl": "private",
                            "bucket": "us-east-1-jive-reco-pipeline-upena-bin",
                            "cache_control": "",
                            "content_disposition": "",
                            "content_encoding": "",
                            "content_language": "",
                            "content_type": "binary/octet-stream",
                            "etag": "4cee1e14954720549380641f3a8bdde1",
                            "id": "bin/datadog.sh",
                            "key": "bin/datadog.sh",
                            "server_side_encryption": "",
                            "source": "datadog.sh",
                            "storage_class": "STANDARD",
                            "tags.%": "0",
                            "version_id": ""
                        },
                        "meta": {},
                        "tainted": false
                    },
                    "deposed": [],
                    "provider": ""
                },
                "aws_s3_bucket_object.upena_init": {
                    "type": "aws_s3_bucket_object",
                    "depends_on": [
                        "aws_s3_bucket.upena_bucket"
                    ],
                    "primary": {
                        "id": "bin/init.sh",
                        "attributes": {
                            "acl": "private",
                            "bucket": "us-east-1-jive-reco-pipeline-upena-bin",
                            "cache_control": "",
                            "content_disposition": "",
                            "content_encoding": "",
                            "content_language": "",
                            "content_type": "binary/octet-stream",
                            "etag": "24ab2df6e55a3c83c4585f44ac1bfea5",
                            "id": "bin/init.sh",
                            "key": "bin/init.sh",
                            "server_side_encryption": "",
                            "source": "init.sh",
                            "storage_class": "STANDARD",
                            "tags.%": "0",
                            "version_id": ""
                        },
                        "meta": {},
                        "tainted": false
                    },
                    "deposed": [],
                    "provider": ""
                },
                "aws_s3_bucket_object.upena_keepalive": {
                    "type": "aws_s3_bucket_object",
                    "depends_on": [
                        "aws_s3_bucket.upena_bucket"
                    ],
                    "primary": {
                        "id": "bin/keepalive.sh",
                        "attributes": {
                            "acl": "private",
                            "bucket": "us-east-1-jive-reco-pipeline-upena-bin",
                            "cache_control": "",
                            "content_disposition": "",
                            "content_encoding": "",
                            "content_language": "",
                            "content_type": "binary/octet-stream",
                            "etag": "a9257acef7bdeca672e855679db23068",
                            "id": "bin/keepalive.sh",
                            "key": "bin/keepalive.sh",
                            "server_side_encryption": "",
                            "source": "keepalive.sh",
                            "storage_class": "STANDARD",
                            "tags.%": "0",
                            "version_id": ""
                        },
                        "meta": {},
                        "tainted": false
                    },
                    "deposed": [],
                    "provider": ""
                },
                "aws_s3_bucket_object.upena_sync": {
                    "type": "aws_s3_bucket_object",
                    "depends_on": [
                        "aws_s3_bucket.upena_bucket"
                    ],
                    "primary": {
                        "id": "bin/sync.sh",
                        "attributes": {
                            "acl": "private",
                            "bucket": "us-east-1-jive-reco-pipeline-upena-bin",
                            "cache_control": "",
                            "content_disposition": "",
                            "content_encoding": "",
                            "content_language": "",
                            "content_type": "binary/octet-stream",
                            "etag": "a24e6590ff75c4597563b6da63734fd9",
                            "id": "bin/sync.sh",
                            "key": "bin/sync.sh",
                            "server_side_encryption": "",
                            "source": "sync.sh",
                            "storage_class": "STANDARD",
                            "tags.%": "0",
                            "version_id": ""
                        },
                        "meta": {},
                        "tainted": false
                    },
                    "deposed": [],
                    "provider": ""
                },
                "aws_s3_bucket_object.upena_upena": {
                    "type": "aws_s3_bucket_object",
                    "depends_on": [
                        "aws_s3_bucket.upena_bucket"
                    ],
                    "primary": {
                        "id": "bin/upena.sh",
                        "attributes": {
                            "acl": "private",
                            "bucket": "us-east-1-jive-reco-pipeline-upena-bin",
                            "cache_control": "",
                            "content_disposition": "",
                            "content_encoding": "",
                            "content_language": "",
                            "content_type": "binary/octet-stream",
                            "etag": "62b5542b556babc77be13f046e59d137",
                            "id": "bin/upena.sh",
                            "key": "bin/upena.sh",
                            "server_side_encryption": "",
                            "source": "upena.sh",
                            "storage_class": "STANDARD",
                            "tags.%": "0",
                            "version_id": ""
                        },
                        "meta": {},
                        "tainted": false
                    },
                    "deposed": [],
                    "provider": ""
                }
            },
            "depends_on": []
        }
    ]
}
