{
    "version": 3,
    "terraform_version": "0.9.2",
    "serial": 11,
    "lineage": "074704b8-b98a-478c-9bbc-16ef7c33a0e0",
    "modules": [
        {
            "path": [
                "root"
            ],
            "outputs": {},
            "resources": {
                "aws_eip.natgw.0": {
                    "type": "aws_eip",
                    "depends_on": [],
                    "primary": {
                        "id": "eipalloc-9c1b64f8",
                        "attributes": {
                            "association_id": "eipassoc-f28b9194",
                            "domain": "vpc",
                            "id": "eipalloc-9c1b64f8",
                            "instance": "",
                            "network_interface": "eni-2601935c",
                            "private_ip": "10.126.204.102",
                            "public_ip": "52.24.205.176",
                            "vpc": "true"
                        },
                        "meta": {},
                        "tainted": false
                    },
                    "deposed": [],
                    "provider": ""
                },
                "aws_eip.natgw.1": {
                    "type": "aws_eip",
                    "depends_on": [],
                    "primary": {
                        "id": "eipalloc-afdd4595",
                        "attributes": {
                            "association_id": "",
                            "domain": "vpc",
                            "id": "eipalloc-afdd4595",
                            "instance": "",
                            "network_interface": "",
                            "private_ip": "",
                            "public_ip": "35.167.27.180",
                            "vpc": "true"
                        },
                        "meta": {},
                        "tainted": false
                    },
                    "deposed": [],
                    "provider": ""
                },
                "aws_eip.natgw.2": {
                    "type": "aws_eip",
                    "depends_on": [],
                    "primary": {
                        "id": "eipalloc-aedd4594",
                        "attributes": {
                            "association_id": "",
                            "domain": "vpc",
                            "id": "eipalloc-aedd4594",
                            "instance": "",
                            "network_interface": "",
                            "private_ip": "",
                            "public_ip": "34.210.34.161",
                            "vpc": "true"
                        },
                        "meta": {},
                        "tainted": false
                    },
                    "deposed": [],
                    "provider": ""
                },
                "aws_internet_gateway.igw": {
                    "type": "aws_internet_gateway",
                    "depends_on": [
                        "aws_vpc.main"
                    ],
                    "primary": {
                        "id": "igw-a96e65cc",
                        "attributes": {
                            "id": "igw-a96e65cc",
                            "tags.%": "5",
                            "tags.Name": "prod-igw",
                            "tags.account_name": "jive-ps-prod",
                            "tags.pipeline_phase": "prod",
                            "tags.region": "us-west-2",
                            "tags.sla": "prod",
                            "vpc_id": "vpc-ff3db89b"
                        },
                        "meta": {},
                        "tainted": false
                    },
                    "deposed": [],
                    "provider": ""
                },
                "aws_nat_gateway.natgw.0": {
                    "type": "aws_nat_gateway",
                    "depends_on": [
                        "aws_eip.natgw.*",
                        "aws_internet_gateway.igw",
                        "aws_subnet.public.*"
                    ],
                    "primary": {
                        "id": "nat-0dc627af659e34d98",
                        "attributes": {
                            "allocation_id": "eipalloc-9c1b64f8",
                            "id": "nat-0dc627af659e34d98",
                            "network_interface_id": "eni-e55640cd",
                            "private_ip": "10.126.204.118",
                            "public_ip": "52.24.205.176",
                            "subnet_id": "subnet-98da5afc"
                        },
                        "meta": {},
                        "tainted": false
                    },
                    "deposed": [],
                    "provider": ""
                },
                "aws_nat_gateway.natgw.1": {
                    "type": "aws_nat_gateway",
                    "depends_on": [
                        "aws_eip.natgw.*",
                        "aws_internet_gateway.igw",
                        "aws_subnet.public.*"
                    ],
                    "primary": {
                        "id": "nat-0ec8f4bc463d60daf",
                        "attributes": {
                            "allocation_id": "eipalloc-afdd4595",
                            "id": "nat-0ec8f4bc463d60daf",
                            "network_interface_id": "eni-c6784efc",
                            "private_ip": "10.126.204.225",
                            "public_ip": "35.167.27.180",
                            "subnet_id": "subnet-c025feb6"
                        },
                        "meta": {},
                        "tainted": false
                    },
                    "deposed": [],
                    "provider": ""
                },
                "aws_nat_gateway.natgw.2": {
                    "type": "aws_nat_gateway",
                    "depends_on": [
                        "aws_eip.natgw.*",
                        "aws_internet_gateway.igw",
                        "aws_subnet.public.*"
                    ],
                    "primary": {
                        "id": "nat-049f80104b2c4d707",
                        "attributes": {
                            "allocation_id": "eipalloc-aedd4594",
                            "id": "nat-049f80104b2c4d707",
                            "network_interface_id": "eni-6491d468",
                            "private_ip": "10.126.205.108",
                            "public_ip": "34.210.34.161",
                            "subnet_id": "subnet-eb648db3"
                        },
                        "meta": {},
                        "tainted": false
                    },
                    "deposed": [],
                    "provider": ""
                },
                "aws_route.bastion_natdc.0": {
                    "type": "aws_route",
                    "depends_on": [
                        "aws_route_table.natdc.*",
                        "aws_vpc_peering_connection.infra"
                    ],
                    "primary": {
                        "id": "r-rtb-b30c65d73778859455",
                        "attributes": {
                            "destination_cidr_block": "10.127.60.7/32",
                            "destination_prefix_list_id": "",
                            "egress_only_gateway_id": "",
                            "gateway_id": "",
                            "id": "r-rtb-b30c65d73778859455",
                            "instance_id": "",
                            "instance_owner_id": "",
                            "nat_gateway_id": "",
                            "network_interface_id": "",
                            "origin": "CreateRoute",
                            "route_table_id": "rtb-b30c65d7",
                            "state": "active",
                            "vpc_peering_connection_id": "pcx-92a115fb"
                        },
                        "meta": {},
                        "tainted": false
                    },
                    "deposed": [],
                    "provider": ""
                },
                "aws_route.bastion_natdc.1": {
                    "type": "aws_route",
                    "depends_on": [
                        "aws_route_table.natdc.*",
                        "aws_vpc_peering_connection.infra"
                    ],
                    "primary": {
                        "id": "r-rtb-68e6390e3778859455",
                        "attributes": {
                            "destination_cidr_block": "10.127.60.7/32",
                            "destination_prefix_list_id": "",
                            "egress_only_gateway_id": "",
                            "gateway_id": "",
                            "id": "r-rtb-68e6390e3778859455",
                            "instance_id": "",
                            "instance_owner_id": "",
                            "nat_gateway_id": "",
                            "network_interface_id": "",
                            "origin": "CreateRoute",
                            "route_table_id": "rtb-68e6390e",
                            "state": "active",
                            "vpc_peering_connection_id": "pcx-92a115fb"
                        },
                        "meta": {},
                        "tainted": false
                    },
                    "deposed": [],
                    "provider": ""
                },
                "aws_route.bastion_natdc.2": {
                    "type": "aws_route",
                    "depends_on": [
                        "aws_route_table.natdc.*",
                        "aws_vpc_peering_connection.infra"
                    ],
                    "primary": {
                        "id": "r-rtb-83e23de53778859455",
                        "attributes": {
                            "destination_cidr_block": "10.127.60.7/32",
                            "destination_prefix_list_id": "",
                            "egress_only_gateway_id": "",
                            "gateway_id": "",
                            "id": "r-rtb-83e23de53778859455",
                            "instance_id": "",
                            "instance_owner_id": "",
                            "nat_gateway_id": "",
                            "network_interface_id": "",
                            "origin": "CreateRoute",
                            "route_table_id": "rtb-83e23de5",
                            "state": "active",
                            "vpc_peering_connection_id": "pcx-92a115fb"
                        },
                        "meta": {},
                        "tainted": false
                    },
                    "deposed": [],
                    "provider": ""
                },
                "aws_route.bastion_private": {
                    "type": "aws_route",
                    "depends_on": [
                        "aws_route_table.private",
                        "aws_vpc_peering_connection.infra"
                    ],
                    "primary": {
                        "id": "r-rtb-0d0c65693778859455",
                        "attributes": {
                            "destination_cidr_block": "10.127.60.7/32",
                            "destination_prefix_list_id": "",
                            "egress_only_gateway_id": "",
                            "gateway_id": "",
                            "id": "r-rtb-0d0c65693778859455",
                            "instance_id": "",
                            "instance_owner_id": "",
                            "nat_gateway_id": "",
                            "network_interface_id": "",
                            "origin": "CreateRoute",
                            "route_table_id": "rtb-0d0c6569",
                            "state": "active",
                            "vpc_peering_connection_id": "pcx-92a115fb"
                        },
                        "meta": {},
                        "tainted": false
                    },
                    "deposed": [],
                    "provider": ""
                },
                "aws_route.bastion_public": {
                    "type": "aws_route",
                    "depends_on": [
                        "aws_route_table.public",
                        "aws_vpc_peering_connection.infra"
                    ],
                    "primary": {
                        "id": "r-rtb-0e0c656a3778859455",
                        "attributes": {
                            "destination_cidr_block": "10.127.60.7/32",
                            "destination_prefix_list_id": "",
                            "egress_only_gateway_id": "",
                            "gateway_id": "",
                            "id": "r-rtb-0e0c656a3778859455",
                            "instance_id": "",
                            "instance_owner_id": "",
                            "nat_gateway_id": "",
                            "network_interface_id": "",
                            "origin": "CreateRoute",
                            "route_table_id": "rtb-0e0c656a",
                            "state": "active",
                            "vpc_peering_connection_id": "pcx-92a115fb"
                        },
                        "meta": {},
                        "tainted": false
                    },
                    "deposed": [],
                    "provider": ""
                },
                "aws_route.infra_natdc.0": {
                    "type": "aws_route",
                    "depends_on": [
                        "aws_vpc_peering_connection.infra"
                    ],
                    "primary": {
                        "id": "r-rtb-550861313688448215",
                        "attributes": {
                            "destination_cidr_block": "10.126.192.0/20",
                            "destination_prefix_list_id": "",
                            "egress_only_gateway_id": "",
                            "gateway_id": "",
                            "id": "r-rtb-550861313688448215",
                            "instance_id": "",
                            "instance_owner_id": "",
                            "nat_gateway_id": "",
                            "network_interface_id": "",
                            "origin": "CreateRoute",
                            "route_table_id": "rtb-55086131",
                            "state": "active",
                            "vpc_peering_connection_id": "pcx-92a115fb"
                        },
                        "meta": {},
                        "tainted": false
                    },
                    "deposed": [],
                    "provider": ""
                },
                "aws_route.infra_natdc.1": {
                    "type": "aws_route",
                    "depends_on": [
                        "aws_vpc_peering_connection.infra"
                    ],
                    "primary": {
                        "id": "r-rtb-e6e837803688448215",
                        "attributes": {
                            "destination_cidr_block": "10.126.192.0/20",
                            "destination_prefix_list_id": "",
                            "egress_only_gateway_id": "",
                            "gateway_id": "",
                            "id": "r-rtb-e6e837803688448215",
                            "instance_id": "",
                            "instance_owner_id": "",
                            "nat_gateway_id": "",
                            "network_interface_id": "",
                            "origin": "CreateRoute",
                            "route_table_id": "rtb-e6e83780",
                            "state": "active",
                            "vpc_peering_connection_id": "pcx-92a115fb"
                        },
                        "meta": {},
                        "tainted": false
                    },
                    "deposed": [],
                    "provider": ""
                },
                "aws_route.infra_natdc.2": {
                    "type": "aws_route",
                    "depends_on": [
                        "aws_vpc_peering_connection.infra"
                    ],
                    "primary": {
                        "id": "r-rtb-b6e53ad03688448215",
                        "attributes": {
                            "destination_cidr_block": "10.126.192.0/20",
                            "destination_prefix_list_id": "",
                            "egress_only_gateway_id": "",
                            "gateway_id": "",
                            "id": "r-rtb-b6e53ad03688448215",
                            "instance_id": "",
                            "instance_owner_id": "",
                            "nat_gateway_id": "",
                            "network_interface_id": "",
                            "origin": "CreateRoute",
                            "route_table_id": "rtb-b6e53ad0",
                            "state": "active",
                            "vpc_peering_connection_id": "pcx-92a115fb"
                        },
                        "meta": {},
                        "tainted": false
                    },
                    "deposed": [],
                    "provider": ""
                },
                "aws_route.infra_private": {
                    "type": "aws_route",
                    "depends_on": [
                        "aws_vpc_peering_connection.infra"
                    ],
                    "primary": {
                        "id": "r-rtb-f40960903688448215",
                        "attributes": {
                            "destination_cidr_block": "10.126.192.0/20",
                            "destination_prefix_list_id": "",
                            "egress_only_gateway_id": "",
                            "gateway_id": "",
                            "id": "r-rtb-f40960903688448215",
                            "instance_id": "",
                            "instance_owner_id": "",
                            "nat_gateway_id": "",
                            "network_interface_id": "",
                            "origin": "CreateRoute",
                            "route_table_id": "rtb-f4096090",
                            "state": "active",
                            "vpc_peering_connection_id": "pcx-92a115fb"
                        },
                        "meta": {},
                        "tainted": false
                    },
                    "deposed": [],
                    "provider": ""
                },
                "aws_route.infra_public": {
                    "type": "aws_route",
                    "depends_on": [
                        "aws_vpc_peering_connection.infra"
                    ],
                    "primary": {
                        "id": "r-rtb-f50960913688448215",
                        "attributes": {
                            "destination_cidr_block": "10.126.192.0/20",
                            "destination_prefix_list_id": "",
                            "egress_only_gateway_id": "",
                            "gateway_id": "",
                            "id": "r-rtb-f50960913688448215",
                            "instance_id": "",
                            "instance_owner_id": "",
                            "nat_gateway_id": "",
                            "network_interface_id": "",
                            "origin": "CreateRoute",
                            "route_table_id": "rtb-f5096091",
                            "state": "active",
                            "vpc_peering_connection_id": "pcx-92a115fb"
                        },
                        "meta": {},
                        "tainted": false
                    },
                    "deposed": [],
                    "provider": ""
                },
                "aws_route53_zone_association.route53": {
                    "type": "aws_route53_zone_association",
                    "depends_on": [
                        "aws_vpc.main"
                    ],
                    "primary": {
                        "id": "Z2IC7CCTBC9E6B:vpc-ff3db89b",
                        "attributes": {
                            "id": "Z2IC7CCTBC9E6B:vpc-ff3db89b",
                            "vpc_id": "vpc-ff3db89b",
                            "vpc_region": "us-west-2",
                            "zone_id": "Z2IC7CCTBC9E6B"
                        },
                        "meta": {},
                        "tainted": false
                    },
                    "deposed": [],
                    "provider": ""
                },
                "aws_route_table.natdc.0": {
                    "type": "aws_route_table",
                    "depends_on": [
                        "aws_nat_gateway.natgw",
                        "aws_vpc.main",
                        "aws_vpn_gateway.vgw"
                    ],
                    "primary": {
                        "id": "rtb-b30c65d7",
                        "attributes": {
                            "id": "rtb-b30c65d7",
                            "propagating_vgws.#": "1",
                            "propagating_vgws.3639061779": "vgw-5cc81142",
                            "route.#": "2",
                            "route.1918968588.cidr_block": "10.127.60.7/32",
                            "route.1918968588.egress_only_gateway_id": "",
                            "route.1918968588.gateway_id": "",
                            "route.1918968588.instance_id": "",
                            "route.1918968588.ipv6_cidr_block": "",
                            "route.1918968588.nat_gateway_id": "",
                            "route.1918968588.network_interface_id": "",
                            "route.1918968588.vpc_peering_connection_id": "pcx-92a115fb",
                            "route.3877832526.cidr_block": "0.0.0.0/0",
                            "route.3877832526.egress_only_gateway_id": "",
                            "route.3877832526.gateway_id": "",
                            "route.3877832526.instance_id": "",
                            "route.3877832526.ipv6_cidr_block": "",
                            "route.3877832526.nat_gateway_id": "nat-035f5a8ef2e013d18",
                            "route.3877832526.network_interface_id": "",
                            "route.3877832526.vpc_peering_connection_id": "",
                            "tags.%": "5",
                            "tags.Name": "prod-natdc-routetable",
                            "tags.account_name": "jive-ps-prod",
                            "tags.pipeline_phase": "prod",
                            "tags.region": "us-west-2",
                            "tags.sla": "prod",
                            "vpc_id": "vpc-ff3db89b"
                        },
                        "meta": {},
                        "tainted": false
                    },
                    "deposed": [],
                    "provider": ""
                },
                "aws_route_table.natdc.1": {
                    "type": "aws_route_table",
                    "depends_on": [
                        "aws_nat_gateway.natgw.*",
                        "aws_vpc.main",
                        "aws_vpn_gateway.vgw"
                    ],
                    "primary": {
                        "id": "rtb-68e6390e",
                        "attributes": {
                            "id": "rtb-68e6390e",
                            "propagating_vgws.#": "1",
                            "propagating_vgws.3639061779": "vgw-5cc81142",
                            "route.#": "1",
                            "route.1866683091.cidr_block": "0.0.0.0/0",
                            "route.1866683091.egress_only_gateway_id": "",
                            "route.1866683091.gateway_id": "",
                            "route.1866683091.instance_id": "",
                            "route.1866683091.ipv6_cidr_block": "",
                            "route.1866683091.nat_gateway_id": "nat-0ec8f4bc463d60daf",
                            "route.1866683091.network_interface_id": "",
                            "route.1866683091.vpc_peering_connection_id": "",
                            "tags.%": "5",
                            "tags.Name": "prod-natdc-routetable",
                            "tags.account_name": "jive-ps-prod",
                            "tags.pipeline_phase": "prod",
                            "tags.region": "us-west-2",
                            "tags.sla": "prod",
                            "vpc_id": "vpc-ff3db89b"
                        },
                        "meta": {},
                        "tainted": false
                    },
                    "deposed": [],
                    "provider": ""
                },
                "aws_route_table.natdc.2": {
                    "type": "aws_route_table",
                    "depends_on": [
                        "aws_nat_gateway.natgw.*",
                        "aws_vpc.main",
                        "aws_vpn_gateway.vgw"
                    ],
                    "primary": {
                        "id": "rtb-83e23de5",
                        "attributes": {
                            "id": "rtb-83e23de5",
                            "propagating_vgws.#": "1",
                            "propagating_vgws.3639061779": "vgw-5cc81142",
                            "route.#": "1",
                            "route.3428683897.cidr_block": "0.0.0.0/0",
                            "route.3428683897.egress_only_gateway_id": "",
                            "route.3428683897.gateway_id": "",
                            "route.3428683897.instance_id": "",
                            "route.3428683897.ipv6_cidr_block": "",
                            "route.3428683897.nat_gateway_id": "nat-049f80104b2c4d707",
                            "route.3428683897.network_interface_id": "",
                            "route.3428683897.vpc_peering_connection_id": "",
                            "tags.%": "5",
                            "tags.Name": "prod-natdc-routetable",
                            "tags.account_name": "jive-ps-prod",
                            "tags.pipeline_phase": "prod",
                            "tags.region": "us-west-2",
                            "tags.sla": "prod",
                            "vpc_id": "vpc-ff3db89b"
                        },
                        "meta": {},
                        "tainted": false
                    },
                    "deposed": [],
                    "provider": ""
                },
                "aws_route_table.private": {
                    "type": "aws_route_table",
                    "depends_on": [
                        "aws_vpc.main"
                    ],
                    "primary": {
                        "id": "rtb-0d0c6569",
                        "attributes": {
                            "id": "rtb-0d0c6569",
                            "propagating_vgws.#": "0",
                            "route.#": "1",
                            "route.1918968588.cidr_block": "10.127.60.7/32",
                            "route.1918968588.egress_only_gateway_id": "",
                            "route.1918968588.gateway_id": "",
                            "route.1918968588.instance_id": "",
                            "route.1918968588.ipv6_cidr_block": "",
                            "route.1918968588.nat_gateway_id": "",
                            "route.1918968588.network_interface_id": "",
                            "route.1918968588.vpc_peering_connection_id": "pcx-92a115fb",
                            "tags.%": "5",
                            "tags.Name": "prod-private-routetable",
                            "tags.account_name": "jive-ps-prod",
                            "tags.pipeline_phase": "prod",
                            "tags.region": "us-west-2",
                            "tags.sla": "prod",
                            "vpc_id": "vpc-ff3db89b"
                        },
                        "meta": {},
                        "tainted": false
                    },
                    "deposed": [],
                    "provider": ""
                },
                "aws_route_table.public": {
                    "type": "aws_route_table",
                    "depends_on": [
                        "aws_internet_gateway.igw",
                        "aws_vpc.main"
                    ],
                    "primary": {
                        "id": "rtb-0e0c656a",
                        "attributes": {
                            "id": "rtb-0e0c656a",
                            "propagating_vgws.#": "0",
                            "route.#": "2",
                            "route.1918968588.cidr_block": "10.127.60.7/32",
                            "route.1918968588.egress_only_gateway_id": "",
                            "route.1918968588.gateway_id": "",
                            "route.1918968588.instance_id": "",
                            "route.1918968588.ipv6_cidr_block": "",
                            "route.1918968588.nat_gateway_id": "",
                            "route.1918968588.network_interface_id": "",
                            "route.1918968588.vpc_peering_connection_id": "pcx-92a115fb",
                            "route.885621262.cidr_block": "0.0.0.0/0",
                            "route.885621262.egress_only_gateway_id": "",
                            "route.885621262.gateway_id": "igw-a96e65cc",
                            "route.885621262.instance_id": "",
                            "route.885621262.ipv6_cidr_block": "",
                            "route.885621262.nat_gateway_id": "",
                            "route.885621262.network_interface_id": "",
                            "route.885621262.vpc_peering_connection_id": "",
                            "tags.%": "6",
                            "tags.KubernetesCluster": "us-west-2_jive-ps-prod",
                            "tags.Name": "prod-public-routetable",
                            "tags.account_name": "jive-ps-prod",
                            "tags.pipeline_phase": "prod",
                            "tags.region": "us-west-2",
                            "tags.sla": "prod",
                            "vpc_id": "vpc-ff3db89b"
                        },
                        "meta": {},
                        "tainted": false
                    },
                    "deposed": [],
                    "provider": ""
                },
                "aws_route_table_association.natdc.0": {
                    "type": "aws_route_table_association",
                    "depends_on": [
                        "aws_route_table.natdc.*",
                        "aws_subnet.natdc.*"
                    ],
                    "primary": {
                        "id": "rtbassoc-21879c45",
                        "attributes": {
                            "id": "rtbassoc-21879c45",
                            "route_table_id": "rtb-b30c65d7",
                            "subnet_id": "subnet-c125feb7"
                        },
                        "meta": {},
                        "tainted": false
                    },
                    "deposed": [],
                    "provider": ""
                },
                "aws_route_table_association.natdc.1": {
                    "type": "aws_route_table_association",
                    "depends_on": [
                        "aws_route_table.natdc.*",
                        "aws_subnet.natdc.*"
                    ],
                    "primary": {
                        "id": "rtbassoc-7f23e806",
                        "attributes": {
                            "id": "rtbassoc-7f23e806",
                            "route_table_id": "rtb-68e6390e",
                            "subnet_id": "subnet-e8648db0"
                        },
                        "meta": {},
                        "tainted": false
                    },
                    "deposed": [],
                    "provider": ""
                },
                "aws_route_table_association.natdc.2": {
                    "type": "aws_route_table_association",
                    "depends_on": [
                        "aws_route_table.natdc.*",
                        "aws_subnet.natdc.*"
                    ],
                    "primary": {
                        "id": "rtbassoc-502de629",
                        "attributes": {
                            "id": "rtbassoc-502de629",
                            "route_table_id": "rtb-83e23de5",
                            "subnet_id": "subnet-64db5b00"
                        },
                        "meta": {},
                        "tainted": false
                    },
                    "deposed": [],
                    "provider": ""
                },
                "aws_route_table_association.private.0": {
                    "type": "aws_route_table_association",
                    "depends_on": [
                        "aws_route_table.private",
                        "aws_subnet.private"
                    ],
                    "primary": {
                        "id": "rtbassoc-aa809bce",
                        "attributes": {
                            "id": "rtbassoc-aa809bce",
                            "route_table_id": "rtb-0d0c6569",
                            "subnet_id": "subnet-99da5afd"
                        },
                        "meta": {},
                        "tainted": false
                    },
                    "deposed": [],
                    "provider": ""
                },
                "aws_route_table_association.private.1": {
                    "type": "aws_route_table_association",
                    "depends_on": [
                        "aws_route_table.private",
                        "aws_subnet.private"
                    ],
                    "primary": {
                        "id": "rtbassoc-a9809bcd",
                        "attributes": {
                            "id": "rtbassoc-a9809bcd",
                            "route_table_id": "rtb-0d0c6569",
                            "subnet_id": "subnet-c525feb3"
                        },
                        "meta": {},
                        "tainted": false
                    },
                    "deposed": [],
                    "provider": ""
                },
                "aws_route_table_association.private.2": {
                    "type": "aws_route_table_association",
                    "depends_on": [
                        "aws_route_table.private",
                        "aws_subnet.private"
                    ],
                    "primary": {
                        "id": "rtbassoc-a8809bcc",
                        "attributes": {
                            "id": "rtbassoc-a8809bcc",
                            "route_table_id": "rtb-0d0c6569",
                            "subnet_id": "subnet-f7648daf"
                        },
                        "meta": {},
                        "tainted": false
                    },
                    "deposed": [],
                    "provider": ""
                },
                "aws_route_table_association.public.0": {
                    "type": "aws_route_table_association",
                    "depends_on": [
                        "aws_route_table.public",
                        "aws_subnet.public"
                    ],
                    "primary": {
                        "id": "rtbassoc-b5809bd1",
                        "attributes": {
                            "id": "rtbassoc-b5809bd1",
                            "route_table_id": "rtb-0e0c656a",
                            "subnet_id": "subnet-98da5afc"
                        },
                        "meta": {},
                        "tainted": false
                    },
                    "deposed": [],
                    "provider": ""
                },
                "aws_route_table_association.public.1": {
                    "type": "aws_route_table_association",
                    "depends_on": [
                        "aws_route_table.public",
                        "aws_subnet.public"
                    ],
                    "primary": {
                        "id": "rtbassoc-b6809bd2",
                        "attributes": {
                            "id": "rtbassoc-b6809bd2",
                            "route_table_id": "rtb-0e0c656a",
                            "subnet_id": "subnet-c025feb6"
                        },
                        "meta": {},
                        "tainted": false
                    },
                    "deposed": [],
                    "provider": ""
                },
                "aws_route_table_association.public.2": {
                    "type": "aws_route_table_association",
                    "depends_on": [
                        "aws_route_table.public",
                        "aws_subnet.public"
                    ],
                    "primary": {
                        "id": "rtbassoc-b4809bd0",
                        "attributes": {
                            "id": "rtbassoc-b4809bd0",
                            "route_table_id": "rtb-0e0c656a",
                            "subnet_id": "subnet-eb648db3"
                        },
                        "meta": {},
                        "tainted": false
                    },
                    "deposed": [],
                    "provider": ""
                },
                "aws_security_group.admin_instance": {
                    "type": "aws_security_group",
                    "depends_on": [
                        "aws_vpc.main"
                    ],
                    "primary": {
                        "id": "sg-b69f6ed0",
                        "attributes": {
                            "description": "Admin instances for the VPC",
                            "egress.#": "0",
                            "id": "sg-b69f6ed0",
                            "ingress.#": "0",
                            "name": "prod-admin-instance",
                            "owner_id": "874979382819",
                            "tags.%": "5",
                            "tags.Name": "prod-admin-instance",
                            "tags.account_name": "jive-ps-prod",
                            "tags.pipeline_phase": "prod",
                            "tags.region": "us-west-2",
                            "tags.sla": "prod",
                            "vpc_id": "vpc-ff3db89b"
                        },
                        "meta": {},
                        "tainted": false
                    },
                    "deposed": [],
                    "provider": ""
                },
                "aws_security_group.env_instance": {
                    "type": "aws_security_group",
                    "depends_on": [
                        "aws_security_group.admin_instance",
                        "aws_vpc.main"
                    ],
                    "primary": {
                        "id": "sg-b59f6ed3",
                        "attributes": {
                            "description": "All instances within the evironment",
                            "egress.#": "1",
                            "egress.482069346.cidr_blocks.#": "1",
                            "egress.482069346.cidr_blocks.0": "0.0.0.0/0",
                            "egress.482069346.from_port": "0",
                            "egress.482069346.ipv6_cidr_blocks.#": "0",
                            "egress.482069346.prefix_list_ids.#": "0",
                            "egress.482069346.protocol": "-1",
                            "egress.482069346.security_groups.#": "0",
                            "egress.482069346.self": "false",
                            "egress.482069346.to_port": "0",
                            "id": "sg-b59f6ed3",
                            "ingress.#": "4",
                            "ingress.179083333.cidr_blocks.#": "1",
                            "ingress.179083333.cidr_blocks.0": "10.0.0.0/8",
                            "ingress.179083333.from_port": "22",
                            "ingress.179083333.ipv6_cidr_blocks.#": "0",
                            "ingress.179083333.protocol": "tcp",
                            "ingress.179083333.security_groups.#": "0",
                            "ingress.179083333.self": "false",
                            "ingress.179083333.to_port": "22",
                            "ingress.2478934073.cidr_blocks.#": "0",
                            "ingress.2478934073.from_port": "22",
                            "ingress.2478934073.ipv6_cidr_blocks.#": "0",
                            "ingress.2478934073.protocol": "tcp",
                            "ingress.2478934073.security_groups.#": "1",
                            "ingress.2478934073.security_groups.2628529276": "sg-b69f6ed0",
                            "ingress.2478934073.self": "false",
                            "ingress.2478934073.to_port": "22",
                            "ingress.3280021429.cidr_blocks.#": "1",
                            "ingress.3280021429.cidr_blocks.0": "10.0.0.0/8",
                            "ingress.3280021429.from_port": "8",
                            "ingress.3280021429.ipv6_cidr_blocks.#": "0",
                            "ingress.3280021429.protocol": "icmp",
                            "ingress.3280021429.security_groups.#": "0",
                            "ingress.3280021429.self": "false",
                            "ingress.3280021429.to_port": "0",
                            "ingress.783636378.cidr_blocks.#": "0",
                            "ingress.783636378.from_port": "8",
                            "ingress.783636378.ipv6_cidr_blocks.#": "0",
                            "ingress.783636378.protocol": "icmp",
                            "ingress.783636378.security_groups.#": "1",
                            "ingress.783636378.security_groups.2628529276": "sg-b69f6ed0",
                            "ingress.783636378.self": "false",
                            "ingress.783636378.to_port": "0",
                            "name": "prod-instance",
                            "owner_id": "874979382819",
                            "tags.%": "5",
                            "tags.Name": "prod-instance",
                            "tags.account_name": "jive-ps-prod",
                            "tags.pipeline_phase": "prod",
                            "tags.region": "us-west-2",
                            "tags.sla": "prod",
                            "vpc_id": "vpc-ff3db89b"
                        },
                        "meta": {},
                        "tainted": false
                    },
                    "deposed": [],
                    "provider": ""
                },
                "aws_security_group.natgw_instance": {
                    "type": "aws_security_group",
                    "depends_on": [
                        "aws_security_group.env_instance",
                        "aws_vpc.main"
                    ],
                    "primary": {
                        "id": "sg-bf9f6ed9",
                        "attributes": {
                            "description": "Members of this SG are allowed to send any type of traffic to the NAT Box.",
                            "egress.#": "0",
                            "id": "sg-bf9f6ed9",
                            "ingress.#": "1",
                            "ingress.1966630623.cidr_blocks.#": "0",
                            "ingress.1966630623.from_port": "0",
                            "ingress.1966630623.ipv6_cidr_blocks.#": "0",
                            "ingress.1966630623.protocol": "-1",
                            "ingress.1966630623.security_groups.#": "1",
                            "ingress.1966630623.security_groups.877487963": "sg-b59f6ed3",
                            "ingress.1966630623.self": "false",
                            "ingress.1966630623.to_port": "0",
                            "name": "prod-natgw-instance",
                            "owner_id": "874979382819",
                            "tags.%": "5",
                            "tags.Name": "prod-natgw-instance",
                            "tags.account_name": "jive-ps-prod",
                            "tags.pipeline_phase": "prod",
                            "tags.region": "us-west-2",
                            "tags.sla": "prod",
                            "vpc_id": "vpc-ff3db89b"
                        },
                        "meta": {},
                        "tainted": false
                    },
                    "deposed": [],
                    "provider": ""
                },
                "aws_subnet.natdc.0": {
                    "type": "aws_subnet",
                    "depends_on": [
                        "aws_vpc.main"
                    ],
                    "primary": {
                        "id": "subnet-64db5b00",
                        "attributes": {
                            "assign_ipv6_address_on_creation": "false",
                            "availability_zone": "us-west-2a",
                            "cidr_block": "10.126.192.0/22",
                            "id": "subnet-64db5b00",
                            "map_public_ip_on_launch": "false",
                            "tags.%": "5",
                            "tags.Name": "prod-natdc-subnet",
                            "tags.account_name": "jive-ps-prod",
                            "tags.pipeline_phase": "prod",
                            "tags.region": "us-west-2",
                            "tags.sla": "prod",
                            "vpc_id": "vpc-ff3db89b"
                        },
                        "meta": {},
                        "tainted": false
                    },
                    "deposed": [],
                    "provider": ""
                },
                "aws_subnet.natdc.1": {
                    "type": "aws_subnet",
                    "depends_on": [
                        "aws_vpc.main"
                    ],
                    "primary": {
                        "id": "subnet-c125feb7",
                        "attributes": {
                            "assign_ipv6_address_on_creation": "false",
                            "availability_zone": "us-west-2b",
                            "cidr_block": "10.126.196.0/22",
                            "id": "subnet-c125feb7",
                            "map_public_ip_on_launch": "false",
                            "tags.%": "5",
                            "tags.Name": "prod-natdc-subnet",
                            "tags.account_name": "jive-ps-prod",
                            "tags.pipeline_phase": "prod",
                            "tags.region": "us-west-2",
                            "tags.sla": "prod",
                            "vpc_id": "vpc-ff3db89b"
                        },
                        "meta": {},
                        "tainted": false
                    },
                    "deposed": [],
                    "provider": ""
                },
                "aws_subnet.natdc.2": {
                    "type": "aws_subnet",
                    "depends_on": [
                        "aws_vpc.main"
                    ],
                    "primary": {
                        "id": "subnet-e8648db0",
                        "attributes": {
                            "assign_ipv6_address_on_creation": "false",
                            "availability_zone": "us-west-2c",
                            "cidr_block": "10.126.200.0/22",
                            "id": "subnet-e8648db0",
                            "map_public_ip_on_launch": "false",
                            "tags.%": "5",
                            "tags.Name": "prod-natdc-subnet",
                            "tags.account_name": "jive-ps-prod",
                            "tags.pipeline_phase": "prod",
                            "tags.region": "us-west-2",
                            "tags.sla": "prod",
                            "vpc_id": "vpc-ff3db89b"
                        },
                        "meta": {},
                        "tainted": false
                    },
                    "deposed": [],
                    "provider": ""
                },
                "aws_subnet.private.0": {
                    "type": "aws_subnet",
                    "depends_on": [
                        "aws_vpc.main"
                    ],
                    "primary": {
                        "id": "subnet-99da5afd",
                        "attributes": {
                            "assign_ipv6_address_on_creation": "false",
                            "availability_zone": "us-west-2a",
                            "cidr_block": "10.126.205.128/25",
                            "id": "subnet-99da5afd",
                            "map_public_ip_on_launch": "false",
                            "tags.%": "5",
                            "tags.Name": "prod-private-subnet",
                            "tags.account_name": "jive-ps-prod",
                            "tags.pipeline_phase": "prod",
                            "tags.region": "us-west-2",
                            "tags.sla": "prod",
                            "vpc_id": "vpc-ff3db89b"
                        },
                        "meta": {},
                        "tainted": false
                    },
                    "deposed": [],
                    "provider": ""
                },
                "aws_subnet.private.1": {
                    "type": "aws_subnet",
                    "depends_on": [
                        "aws_vpc.main"
                    ],
                    "primary": {
                        "id": "subnet-c525feb3",
                        "attributes": {
                            "assign_ipv6_address_on_creation": "false",
                            "availability_zone": "us-west-2b",
                            "cidr_block": "10.126.206.0/25",
                            "id": "subnet-c525feb3",
                            "map_public_ip_on_launch": "false",
                            "tags.%": "5",
                            "tags.Name": "prod-private-subnet",
                            "tags.account_name": "jive-ps-prod",
                            "tags.pipeline_phase": "prod",
                            "tags.region": "us-west-2",
                            "tags.sla": "prod",
                            "vpc_id": "vpc-ff3db89b"
                        },
                        "meta": {},
                        "tainted": false
                    },
                    "deposed": [],
                    "provider": ""
                },
                "aws_subnet.private.2": {
                    "type": "aws_subnet",
                    "depends_on": [
                        "aws_vpc.main"
                    ],
                    "primary": {
                        "id": "subnet-f7648daf",
                        "attributes": {
                            "assign_ipv6_address_on_creation": "false",
                            "availability_zone": "us-west-2c",
                            "cidr_block": "10.126.206.128/25",
                            "id": "subnet-f7648daf",
                            "map_public_ip_on_launch": "false",
                            "tags.%": "5",
                            "tags.Name": "prod-private-subnet",
                            "tags.account_name": "jive-ps-prod",
                            "tags.pipeline_phase": "prod",
                            "tags.region": "us-west-2",
                            "tags.sla": "prod",
                            "vpc_id": "vpc-ff3db89b"
                        },
                        "meta": {},
                        "tainted": false
                    },
                    "deposed": [],
                    "provider": ""
                },
                "aws_subnet.public.0": {
                    "type": "aws_subnet",
                    "depends_on": [
                        "aws_vpc.main"
                    ],
                    "primary": {
                        "id": "subnet-98da5afc",
                        "attributes": {
                            "assign_ipv6_address_on_creation": "false",
                            "availability_zone": "us-west-2a",
                            "cidr_block": "10.126.204.0/25",
                            "id": "subnet-98da5afc",
                            "map_public_ip_on_launch": "false",
                            "tags.%": "6",
                            "tags.KubernetesCluster": "us-west-2_jive-ps-prod",
                            "tags.Name": "prod-public-subnet",
                            "tags.account_name": "jive-ps-prod",
                            "tags.pipeline_phase": "prod",
                            "tags.region": "us-west-2",
                            "tags.sla": "prod",
                            "vpc_id": "vpc-ff3db89b"
                        },
                        "meta": {},
                        "tainted": false
                    },
                    "deposed": [],
                    "provider": ""
                },
                "aws_subnet.public.1": {
                    "type": "aws_subnet",
                    "depends_on": [
                        "aws_vpc.main"
                    ],
                    "primary": {
                        "id": "subnet-c025feb6",
                        "attributes": {
                            "assign_ipv6_address_on_creation": "false",
                            "availability_zone": "us-west-2b",
                            "cidr_block": "10.126.204.128/25",
                            "id": "subnet-c025feb6",
                            "map_public_ip_on_launch": "false",
                            "tags.%": "6",
                            "tags.KubernetesCluster": "us-west-2_jive-ps-prod",
                            "tags.Name": "prod-public-subnet",
                            "tags.account_name": "jive-ps-prod",
                            "tags.pipeline_phase": "prod",
                            "tags.region": "us-west-2",
                            "tags.sla": "prod",
                            "vpc_id": "vpc-ff3db89b"
                        },
                        "meta": {},
                        "tainted": false
                    },
                    "deposed": [],
                    "provider": ""
                },
                "aws_subnet.public.2": {
                    "type": "aws_subnet",
                    "depends_on": [
                        "aws_vpc.main"
                    ],
                    "primary": {
                        "id": "subnet-eb648db3",
                        "attributes": {
                            "assign_ipv6_address_on_creation": "false",
                            "availability_zone": "us-west-2c",
                            "cidr_block": "10.126.205.0/25",
                            "id": "subnet-eb648db3",
                            "map_public_ip_on_launch": "false",
                            "tags.%": "6",
                            "tags.KubernetesCluster": "us-west-2_jive-ps-prod",
                            "tags.Name": "prod-public-subnet",
                            "tags.account_name": "jive-ps-prod",
                            "tags.pipeline_phase": "prod",
                            "tags.region": "us-west-2",
                            "tags.sla": "prod",
                            "vpc_id": "vpc-ff3db89b"
                        },
                        "meta": {},
                        "tainted": false
                    },
                    "deposed": [],
                    "provider": ""
                },
                "aws_vpc.main": {
                    "type": "aws_vpc",
                    "depends_on": [],
                    "primary": {
                        "id": "vpc-ff3db89b",
                        "attributes": {
                            "assign_generated_ipv6_cidr_block": "false",
                            "cidr_block": "10.126.192.0/20",
                            "default_network_acl_id": "acl-30e37354",
                            "default_route_table_id": "rtb-010c6565",
                            "default_security_group_id": "sg-aa9f6ecc",
                            "dhcp_options_id": "dopt-22320747",
                            "enable_classiclink": "false",
                            "enable_dns_hostnames": "true",
                            "enable_dns_support": "true",
                            "id": "vpc-ff3db89b",
                            "instance_tenancy": "default",
                            "main_route_table_id": "rtb-010c6565",
                            "tags.%": "5",
                            "tags.Name": "prod-vpc",
                            "tags.account_name": "jive-ps-prod",
                            "tags.pipeline_phase": "prod",
                            "tags.region": "us-west-2",
                            "tags.sla": "prod"
                        },
                        "meta": {
                            "schema_version": "1"
                        },
                        "tainted": false
                    },
                    "deposed": [],
                    "provider": ""
                },
                "aws_vpc_peering_connection.infra": {
                    "type": "aws_vpc_peering_connection",
                    "depends_on": [
                        "aws_vpc.main"
                    ],
                    "primary": {
                        "id": "pcx-92a115fb",
                        "attributes": {
                            "accept_status": "active",
                            "accepter.#": "1",
                            "accepter.3244290774.allow_classic_link_to_remote_vpc": "false",
                            "accepter.3244290774.allow_remote_vpc_dns_resolution": "false",
                            "accepter.3244290774.allow_vpc_to_remote_classic_link": "false",
                            "auto_accept": "true",
                            "id": "pcx-92a115fb",
                            "peer_owner_id": "874979382819",
                            "peer_vpc_id": "vpc-5131b435",
                            "requester.#": "1",
                            "requester.3244290774.allow_classic_link_to_remote_vpc": "false",
                            "requester.3244290774.allow_remote_vpc_dns_resolution": "false",
                            "requester.3244290774.allow_vpc_to_remote_classic_link": "false",
                            "tags.%": "5",
                            "tags.Name": "prod_to_infra-jive-ps-prod",
                            "tags.account_name": "jive-ps-prod",
                            "tags.pipeline_phase": "prod",
                            "tags.region": "us-west-2",
                            "tags.sla": "prod",
                            "vpc_id": "vpc-ff3db89b"
                        },
                        "meta": {},
                        "tainted": false
                    },
                    "deposed": [],
                    "provider": ""
                },
                "aws_vpn_gateway.vgw": {
                    "type": "aws_vpn_gateway",
                    "depends_on": [
                        "aws_vpc.main"
                    ],
                    "primary": {
                        "id": "vgw-5cc81142",
                        "attributes": {
                            "availability_zone": "",
                            "id": "vgw-5cc81142",
                            "tags.%": "7",
                            "tags.Name": "prod-vgw",
                            "tags.account_name": "jive-ps-prod",
                            "tags.jive_service": "infrastructure",
                            "tags.pipeline_phase": "prod",
                            "tags.region": "us-west-2",
                            "tags.service_component": "vpn_gateway",
                            "tags.sla": "prod",
                            "vpc_id": "vpc-ff3db89b"
                        },
                        "meta": {},
                        "tainted": false
                    },
                    "deposed": [],
                    "provider": ""
                }
            },
            "depends_on": []
        }
    ]
}
