{
    "version": 3,
    "terraform_version": "0.9.4",
    "serial": 3,
    "lineage": "8c91d8e1-033d-4c84-a43f-494cedd72357",
    "modules": [
        {
            "path": [
                "root"
            ],
            "outputs": {},
            "resources": {
                "aws_eip.natgw.0": {
                    "type": "aws_eip",
                    "depends_on": [],
                    "primary": {
                        "id": "eipalloc-918f66a2",
                        "attributes": {
                            "association_id": "eipassoc-b2d8e080",
                            "domain": "vpc",
                            "id": "eipalloc-918f66a2",
                            "instance": "",
                            "network_interface": "eni-115bf506",
                            "private_ip": "10.125.122.73",
                            "public_ip": "34.198.91.162",
                            "vpc": "true"
                        },
                        "meta": {},
                        "tainted": false
                    },
                    "deposed": [],
                    "provider": ""
                },
                "aws_eip.natgw.1": {
                    "type": "aws_eip",
                    "depends_on": [],
                    "primary": {
                        "id": "eipalloc-eeb65fdd",
                        "attributes": {
                            "association_id": "eipassoc-46dde574",
                            "domain": "vpc",
                            "id": "eipalloc-eeb65fdd",
                            "instance": "",
                            "network_interface": "eni-da127f75",
                            "private_ip": "10.125.122.194",
                            "public_ip": "34.192.45.122",
                            "vpc": "true"
                        },
                        "meta": {},
                        "tainted": false
                    },
                    "deposed": [],
                    "provider": ""
                },
                "aws_eip.natgw.2": {
                    "type": "aws_eip",
                    "depends_on": [],
                    "primary": {
                        "id": "eipalloc-edb65fde",
                        "attributes": {
                            "association_id": "eipassoc-2cd8e01e",
                            "domain": "vpc",
                            "id": "eipalloc-edb65fde",
                            "instance": "",
                            "network_interface": "eni-f93f2f2a",
                            "private_ip": "10.125.123.113",
                            "public_ip": "34.231.78.214",
                            "vpc": "true"
                        },
                        "meta": {},
                        "tainted": false
                    },
                    "deposed": [],
                    "provider": ""
                },
                "aws_eip.natgw.3": {
                    "type": "aws_eip",
                    "depends_on": [],
                    "primary": {
                        "id": "eipalloc-d98c65ea",
                        "attributes": {
                            "association_id": "eipassoc-90d9e1a2",
                            "domain": "vpc",
                            "id": "eipalloc-d98c65ea",
                            "instance": "",
                            "network_interface": "eni-120258bb",
                            "private_ip": "10.125.123.211",
                            "public_ip": "34.225.172.123",
                            "vpc": "true"
                        },
                        "meta": {},
                        "tainted": false
                    },
                    "deposed": [],
                    "provider": ""
                },
                "aws_eip.natgw.4": {
                    "type": "aws_eip",
                    "depends_on": [],
                    "primary": {
                        "id": "eipalloc-1d8c652e",
                        "attributes": {
                            "association_id": "eipassoc-85dce4b7",
                            "domain": "vpc",
                            "id": "eipalloc-1d8c652e",
                            "instance": "",
                            "network_interface": "eni-7937d579",
                            "private_ip": "10.125.124.17",
                            "public_ip": "34.193.143.104",
                            "vpc": "true"
                        },
                        "meta": {},
                        "tainted": false
                    },
                    "deposed": [],
                    "provider": ""
                },
                "aws_internet_gateway.igw": {
                    "type": "aws_internet_gateway",
                    "depends_on": [
                        "aws_vpc.main"
                    ],
                    "primary": {
                        "id": "igw-05d19863",
                        "attributes": {
                            "id": "igw-05d19863",
                            "tags.%": "5",
                            "tags.Name": "prod-jcx-igw",
                            "tags.account_name": "jive-microservices-prod",
                            "tags.pipeline_phase": "prod-jcx",
                            "tags.region": "us-east-1",
                            "tags.sla": "prod",
                            "vpc_id": "vpc-9d7ae1e4"
                        },
                        "meta": {},
                        "tainted": false
                    },
                    "deposed": [],
                    "provider": ""
                },
                "aws_nat_gateway.natgw.0": {
                    "type": "aws_nat_gateway",
                    "depends_on": [
                        "aws_eip.natgw.*",
                        "aws_internet_gateway.igw",
                        "aws_subnet.public.*"
                    ],
                    "primary": {
                        "id": "nat-0747e3457b68a23b0",
                        "attributes": {
                            "allocation_id": "eipalloc-918f66a2",
                            "id": "nat-0747e3457b68a23b0",
                            "network_interface_id": "eni-115bf506",
                            "private_ip": "10.125.122.73",
                            "public_ip": "34.198.91.162",
                            "subnet_id": "subnet-bd28c9d9"
                        },
                        "meta": {},
                        "tainted": false
                    },
                    "deposed": [],
                    "provider": ""
                },
                "aws_nat_gateway.natgw.1": {
                    "type": "aws_nat_gateway",
                    "depends_on": [
                        "aws_eip.natgw.*",
                        "aws_internet_gateway.igw",
                        "aws_subnet.public.*"
                    ],
                    "primary": {
                        "id": "nat-00ea4bd47b92cf338",
                        "attributes": {
                            "allocation_id": "eipalloc-eeb65fdd",
                            "id": "nat-00ea4bd47b92cf338",
                            "network_interface_id": "eni-da127f75",
                            "private_ip": "10.125.122.194",
                            "public_ip": "34.192.45.122",
                            "subnet_id": "subnet-10bf2c3c"
                        },
                        "meta": {},
                        "tainted": false
                    },
                    "deposed": [],
                    "provider": ""
                },
                "aws_nat_gateway.natgw.2": {
                    "type": "aws_nat_gateway",
                    "depends_on": [
                        "aws_eip.natgw.*",
                        "aws_internet_gateway.igw",
                        "aws_subnet.public.*"
                    ],
                    "primary": {
                        "id": "nat-0f2093af7cbf51996",
                        "attributes": {
                            "allocation_id": "eipalloc-edb65fde",
                            "id": "nat-0f2093af7cbf51996",
                            "network_interface_id": "eni-f93f2f2a",
                            "private_ip": "10.125.123.113",
                            "public_ip": "34.231.78.214",
                            "subnet_id": "subnet-1b377d53"
                        },
                        "meta": {},
                        "tainted": false
                    },
                    "deposed": [],
                    "provider": ""
                },
                "aws_nat_gateway.natgw.3": {
                    "type": "aws_nat_gateway",
                    "depends_on": [
                        "aws_eip.natgw.*",
                        "aws_internet_gateway.igw",
                        "aws_subnet.public.*"
                    ],
                    "primary": {
                        "id": "nat-0e0735f282ba56867",
                        "attributes": {
                            "allocation_id": "eipalloc-d98c65ea",
                            "id": "nat-0e0735f282ba56867",
                            "network_interface_id": "eni-120258bb",
                            "private_ip": "10.125.123.211",
                            "public_ip": "34.225.172.123",
                            "subnet_id": "subnet-e762e9bd"
                        },
                        "meta": {},
                        "tainted": false
                    },
                    "deposed": [],
                    "provider": ""
                },
                "aws_nat_gateway.natgw.4": {
                    "type": "aws_nat_gateway",
                    "depends_on": [
                        "aws_eip.natgw.*",
                        "aws_internet_gateway.igw",
                        "aws_subnet.public.*"
                    ],
                    "primary": {
                        "id": "nat-0e9c34bbc686db8ea",
                        "attributes": {
                            "allocation_id": "eipalloc-1d8c652e",
                            "id": "nat-0e9c34bbc686db8ea",
                            "network_interface_id": "eni-7937d579",
                            "private_ip": "10.125.124.17",
                            "public_ip": "34.193.143.104",
                            "subnet_id": "subnet-1f161523"
                        },
                        "meta": {},
                        "tainted": false
                    },
                    "deposed": [],
                    "provider": ""
                },
                "aws_route.bastion_natdc.0": {
                    "type": "aws_route",
                    "depends_on": [
                        "aws_route_table.natdc.*",
                        "aws_vpc_peering_connection.infra"
                    ],
                    "primary": {
                        "id": "r-rtb-98456de03979510400",
                        "attributes": {
                            "destination_cidr_block": "10.127.44.7/32",
                            "destination_prefix_list_id": "",
                            "egress_only_gateway_id": "",
                            "gateway_id": "",
                            "id": "r-rtb-98456de03979510400",
                            "instance_id": "",
                            "instance_owner_id": "",
                            "nat_gateway_id": "",
                            "network_interface_id": "",
                            "origin": "CreateRoute",
                            "route_table_id": "rtb-98456de0",
                            "state": "active",
                            "vpc_peering_connection_id": "pcx-fcfd8d95"
                        },
                        "meta": {},
                        "tainted": false
                    },
                    "deposed": [],
                    "provider": ""
                },
                "aws_route.bastion_natdc.1": {
                    "type": "aws_route",
                    "depends_on": [
                        "aws_route_table.natdc.*",
                        "aws_vpc_peering_connection.infra"
                    ],
                    "primary": {
                        "id": "r-rtb-f75c748f3979510400",
                        "attributes": {
                            "destination_cidr_block": "10.127.44.7/32",
                            "destination_prefix_list_id": "",
                            "egress_only_gateway_id": "",
                            "gateway_id": "",
                            "id": "r-rtb-f75c748f3979510400",
                            "instance_id": "",
                            "instance_owner_id": "",
                            "nat_gateway_id": "",
                            "network_interface_id": "",
                            "origin": "CreateRoute",
                            "route_table_id": "rtb-f75c748f",
                            "state": "active",
                            "vpc_peering_connection_id": "pcx-fcfd8d95"
                        },
                        "meta": {},
                        "tainted": false
                    },
                    "deposed": [],
                    "provider": ""
                },
                "aws_route.bastion_natdc.2": {
                    "type": "aws_route",
                    "depends_on": [
                        "aws_route_table.natdc.*",
                        "aws_vpc_peering_connection.infra"
                    ],
                    "primary": {
                        "id": "r-rtb-e75d759f3979510400",
                        "attributes": {
                            "destination_cidr_block": "10.127.44.7/32",
                            "destination_prefix_list_id": "",
                            "egress_only_gateway_id": "",
                            "gateway_id": "",
                            "id": "r-rtb-e75d759f3979510400",
                            "instance_id": "",
                            "instance_owner_id": "",
                            "nat_gateway_id": "",
                            "network_interface_id": "",
                            "origin": "CreateRoute",
                            "route_table_id": "rtb-e75d759f",
                            "state": "active",
                            "vpc_peering_connection_id": "pcx-fcfd8d95"
                        },
                        "meta": {},
                        "tainted": false
                    },
                    "deposed": [],
                    "provider": ""
                },
                "aws_route.bastion_natdc.3": {
                    "type": "aws_route",
                    "depends_on": [
                        "aws_route_table.natdc.*",
                        "aws_vpc_peering_connection.infra"
                    ],
                    "primary": {
                        "id": "r-rtb-6d476f153979510400",
                        "attributes": {
                            "destination_cidr_block": "10.127.44.7/32",
                            "destination_prefix_list_id": "",
                            "egress_only_gateway_id": "",
                            "gateway_id": "",
                            "id": "r-rtb-6d476f153979510400",
                            "instance_id": "",
                            "instance_owner_id": "",
                            "nat_gateway_id": "",
                            "network_interface_id": "",
                            "origin": "CreateRoute",
                            "route_table_id": "rtb-6d476f15",
                            "state": "active",
                            "vpc_peering_connection_id": "pcx-fcfd8d95"
                        },
                        "meta": {},
                        "tainted": false
                    },
                    "deposed": [],
                    "provider": ""
                },
                "aws_route.bastion_natdc.4": {
                    "type": "aws_route",
                    "depends_on": [
                        "aws_route_table.natdc.*",
                        "aws_vpc_peering_connection.infra"
                    ],
                    "primary": {
                        "id": "r-rtb-90547ce83979510400",
                        "attributes": {
                            "destination_cidr_block": "10.127.44.7/32",
                            "destination_prefix_list_id": "",
                            "egress_only_gateway_id": "",
                            "gateway_id": "",
                            "id": "r-rtb-90547ce83979510400",
                            "instance_id": "",
                            "instance_owner_id": "",
                            "nat_gateway_id": "",
                            "network_interface_id": "",
                            "origin": "CreateRoute",
                            "route_table_id": "rtb-90547ce8",
                            "state": "active",
                            "vpc_peering_connection_id": "pcx-fcfd8d95"
                        },
                        "meta": {},
                        "tainted": false
                    },
                    "deposed": [],
                    "provider": ""
                },
                "aws_route.bastion_private": {
                    "type": "aws_route",
                    "depends_on": [
                        "aws_route_table.private",
                        "aws_vpc_peering_connection.infra"
                    ],
                    "primary": {
                        "id": "r-rtb-695c74113979510400",
                        "attributes": {
                            "destination_cidr_block": "10.127.44.7/32",
                            "destination_prefix_list_id": "",
                            "egress_only_gateway_id": "",
                            "gateway_id": "",
                            "id": "r-rtb-695c74113979510400",
                            "instance_id": "",
                            "instance_owner_id": "",
                            "nat_gateway_id": "",
                            "network_interface_id": "",
                            "origin": "CreateRoute",
                            "route_table_id": "rtb-695c7411",
                            "state": "active",
                            "vpc_peering_connection_id": "pcx-fcfd8d95"
                        },
                        "meta": {},
                        "tainted": false
                    },
                    "deposed": [],
                    "provider": ""
                },
                "aws_route.bastion_public": {
                    "type": "aws_route",
                    "depends_on": [
                        "aws_route_table.public",
                        "aws_vpc_peering_connection.infra"
                    ],
                    "primary": {
                        "id": "r-rtb-b75179cf3979510400",
                        "attributes": {
                            "destination_cidr_block": "10.127.44.7/32",
                            "destination_prefix_list_id": "",
                            "egress_only_gateway_id": "",
                            "gateway_id": "",
                            "id": "r-rtb-b75179cf3979510400",
                            "instance_id": "",
                            "instance_owner_id": "",
                            "nat_gateway_id": "",
                            "network_interface_id": "",
                            "origin": "CreateRoute",
                            "route_table_id": "rtb-b75179cf",
                            "state": "active",
                            "vpc_peering_connection_id": "pcx-fcfd8d95"
                        },
                        "meta": {},
                        "tainted": false
                    },
                    "deposed": [],
                    "provider": ""
                },
                "aws_route.data_brewprod_vpc_natdc.0": {
                    "type": "aws_route",
                    "depends_on": [
                        "aws_route_table.natdc.*",
                        "aws_vpc_peering_connection.data_brewprod"
                    ],
                    "primary": {
                        "id": "r-rtb-98456de03387057867",
                        "attributes": {
                            "destination_cidr_block": "10.123.32.0/20",
                            "destination_prefix_list_id": "",
                            "egress_only_gateway_id": "",
                            "gateway_id": "",
                            "id": "r-rtb-98456de03387057867",
                            "instance_id": "",
                            "instance_owner_id": "",
                            "nat_gateway_id": "",
                            "network_interface_id": "",
                            "origin": "CreateRoute",
                            "route_table_id": "rtb-98456de0",
                            "state": "blackhole",
                            "vpc_peering_connection_id": "pcx-2afc8f43"
                        },
                        "meta": {},
                        "tainted": false
                    },
                    "deposed": [],
                    "provider": ""
                },
                "aws_route.data_brewprod_vpc_natdc.1": {
                    "type": "aws_route",
                    "depends_on": [
                        "aws_route_table.natdc.*",
                        "aws_vpc_peering_connection.data_brewprod"
                    ],
                    "primary": {
                        "id": "r-rtb-f75c748f3387057867",
                        "attributes": {
                            "destination_cidr_block": "10.123.32.0/20",
                            "destination_prefix_list_id": "",
                            "egress_only_gateway_id": "",
                            "gateway_id": "",
                            "id": "r-rtb-f75c748f3387057867",
                            "instance_id": "",
                            "instance_owner_id": "",
                            "nat_gateway_id": "",
                            "network_interface_id": "",
                            "origin": "CreateRoute",
                            "route_table_id": "rtb-f75c748f",
                            "state": "blackhole",
                            "vpc_peering_connection_id": "pcx-2afc8f43"
                        },
                        "meta": {},
                        "tainted": false
                    },
                    "deposed": [],
                    "provider": ""
                },
                "aws_route.data_brewprod_vpc_natdc.2": {
                    "type": "aws_route",
                    "depends_on": [
                        "aws_route_table.natdc.*",
                        "aws_vpc_peering_connection.data_brewprod"
                    ],
                    "primary": {
                        "id": "r-rtb-e75d759f3387057867",
                        "attributes": {
                            "destination_cidr_block": "10.123.32.0/20",
                            "destination_prefix_list_id": "",
                            "egress_only_gateway_id": "",
                            "gateway_id": "",
                            "id": "r-rtb-e75d759f3387057867",
                            "instance_id": "",
                            "instance_owner_id": "",
                            "nat_gateway_id": "",
                            "network_interface_id": "",
                            "origin": "CreateRoute",
                            "route_table_id": "rtb-e75d759f",
                            "state": "blackhole",
                            "vpc_peering_connection_id": "pcx-2afc8f43"
                        },
                        "meta": {},
                        "tainted": false
                    },
                    "deposed": [],
                    "provider": ""
                },
                "aws_route.data_brewprod_vpc_natdc.3": {
                    "type": "aws_route",
                    "depends_on": [
                        "aws_route_table.natdc.*",
                        "aws_vpc_peering_connection.data_brewprod"
                    ],
                    "primary": {
                        "id": "r-rtb-6d476f153387057867",
                        "attributes": {
                            "destination_cidr_block": "10.123.32.0/20",
                            "destination_prefix_list_id": "",
                            "egress_only_gateway_id": "",
                            "gateway_id": "",
                            "id": "r-rtb-6d476f153387057867",
                            "instance_id": "",
                            "instance_owner_id": "",
                            "nat_gateway_id": "",
                            "network_interface_id": "",
                            "origin": "CreateRoute",
                            "route_table_id": "rtb-6d476f15",
                            "state": "blackhole",
                            "vpc_peering_connection_id": "pcx-2afc8f43"
                        },
                        "meta": {},
                        "tainted": false
                    },
                    "deposed": [],
                    "provider": ""
                },
                "aws_route.data_brewprod_vpc_natdc.4": {
                    "type": "aws_route",
                    "depends_on": [
                        "aws_route_table.natdc.*",
                        "aws_vpc_peering_connection.data_brewprod"
                    ],
                    "primary": {
                        "id": "r-rtb-90547ce83387057867",
                        "attributes": {
                            "destination_cidr_block": "10.123.32.0/20",
                            "destination_prefix_list_id": "",
                            "egress_only_gateway_id": "",
                            "gateway_id": "",
                            "id": "r-rtb-90547ce83387057867",
                            "instance_id": "",
                            "instance_owner_id": "",
                            "nat_gateway_id": "",
                            "network_interface_id": "",
                            "origin": "CreateRoute",
                            "route_table_id": "rtb-90547ce8",
                            "state": "blackhole",
                            "vpc_peering_connection_id": "pcx-2afc8f43"
                        },
                        "meta": {},
                        "tainted": false
                    },
                    "deposed": [],
                    "provider": ""
                },
                "aws_route.data_brewprod_vpc_private": {
                    "type": "aws_route",
                    "depends_on": [
                        "aws_route_table.private",
                        "aws_vpc_peering_connection.data_brewprod"
                    ],
                    "primary": {
                        "id": "r-rtb-695c74113387057867",
                        "attributes": {
                            "destination_cidr_block": "10.123.32.0/20",
                            "destination_prefix_list_id": "",
                            "egress_only_gateway_id": "",
                            "gateway_id": "",
                            "id": "r-rtb-695c74113387057867",
                            "instance_id": "",
                            "instance_owner_id": "",
                            "nat_gateway_id": "",
                            "network_interface_id": "",
                            "origin": "CreateRoute",
                            "route_table_id": "rtb-695c7411",
                            "state": "blackhole",
                            "vpc_peering_connection_id": "pcx-2afc8f43"
                        },
                        "meta": {},
                        "tainted": false
                    },
                    "deposed": [],
                    "provider": ""
                },
                "aws_route.data_brewprod_vpc_public": {
                    "type": "aws_route",
                    "depends_on": [
                        "aws_route_table.public",
                        "aws_vpc_peering_connection.data_brewprod"
                    ],
                    "primary": {
                        "id": "r-rtb-b75179cf3387057867",
                        "attributes": {
                            "destination_cidr_block": "10.123.32.0/20",
                            "destination_prefix_list_id": "",
                            "egress_only_gateway_id": "",
                            "gateway_id": "",
                            "id": "r-rtb-b75179cf3387057867",
                            "instance_id": "",
                            "instance_owner_id": "",
                            "nat_gateway_id": "",
                            "network_interface_id": "",
                            "origin": "CreateRoute",
                            "route_table_id": "rtb-b75179cf",
                            "state": "blackhole",
                            "vpc_peering_connection_id": "pcx-2afc8f43"
                        },
                        "meta": {},
                        "tainted": false
                    },
                    "deposed": [],
                    "provider": ""
                },
                "aws_route.data_jcx_prod_vpc_natdc.0": {
                    "type": "aws_route",
                    "depends_on": [
                        "aws_route_table.natdc.*",
                        "aws_vpc_peering_connection.data_jcx_prod"
                    ],
                    "primary": {
                        "id": "r-rtb-98456de0236963316",
                        "attributes": {
                            "destination_cidr_block": "10.123.112.0/20",
                            "destination_prefix_list_id": "",
                            "egress_only_gateway_id": "",
                            "gateway_id": "",
                            "id": "r-rtb-98456de0236963316",
                            "instance_id": "",
                            "instance_owner_id": "",
                            "nat_gateway_id": "",
                            "network_interface_id": "",
                            "origin": "CreateRoute",
                            "route_table_id": "rtb-98456de0",
                            "state": "blackhole",
                            "vpc_peering_connection_id": "pcx-3fe99a56"
                        },
                        "meta": {},
                        "tainted": false
                    },
                    "deposed": [],
                    "provider": ""
                },
                "aws_route.data_jcx_prod_vpc_natdc.1": {
                    "type": "aws_route",
                    "depends_on": [
                        "aws_route_table.natdc.*",
                        "aws_vpc_peering_connection.data_jcx_prod"
                    ],
                    "primary": {
                        "id": "r-rtb-f75c748f236963316",
                        "attributes": {
                            "destination_cidr_block": "10.123.112.0/20",
                            "destination_prefix_list_id": "",
                            "egress_only_gateway_id": "",
                            "gateway_id": "",
                            "id": "r-rtb-f75c748f236963316",
                            "instance_id": "",
                            "instance_owner_id": "",
                            "nat_gateway_id": "",
                            "network_interface_id": "",
                            "origin": "CreateRoute",
                            "route_table_id": "rtb-f75c748f",
                            "state": "blackhole",
                            "vpc_peering_connection_id": "pcx-3fe99a56"
                        },
                        "meta": {},
                        "tainted": false
                    },
                    "deposed": [],
                    "provider": ""
                },
                "aws_route.data_jcx_prod_vpc_natdc.2": {
                    "type": "aws_route",
                    "depends_on": [
                        "aws_route_table.natdc.*",
                        "aws_vpc_peering_connection.data_jcx_prod"
                    ],
                    "primary": {
                        "id": "r-rtb-e75d759f236963316",
                        "attributes": {
                            "destination_cidr_block": "10.123.112.0/20",
                            "destination_prefix_list_id": "",
                            "egress_only_gateway_id": "",
                            "gateway_id": "",
                            "id": "r-rtb-e75d759f236963316",
                            "instance_id": "",
                            "instance_owner_id": "",
                            "nat_gateway_id": "",
                            "network_interface_id": "",
                            "origin": "CreateRoute",
                            "route_table_id": "rtb-e75d759f",
                            "state": "blackhole",
                            "vpc_peering_connection_id": "pcx-3fe99a56"
                        },
                        "meta": {},
                        "tainted": false
                    },
                    "deposed": [],
                    "provider": ""
                },
                "aws_route.data_jcx_prod_vpc_natdc.3": {
                    "type": "aws_route",
                    "depends_on": [
                        "aws_route_table.natdc.*",
                        "aws_vpc_peering_connection.data_jcx_prod"
                    ],
                    "primary": {
                        "id": "r-rtb-6d476f15236963316",
                        "attributes": {
                            "destination_cidr_block": "10.123.112.0/20",
                            "destination_prefix_list_id": "",
                            "egress_only_gateway_id": "",
                            "gateway_id": "",
                            "id": "r-rtb-6d476f15236963316",
                            "instance_id": "",
                            "instance_owner_id": "",
                            "nat_gateway_id": "",
                            "network_interface_id": "",
                            "origin": "CreateRoute",
                            "route_table_id": "rtb-6d476f15",
                            "state": "blackhole",
                            "vpc_peering_connection_id": "pcx-3fe99a56"
                        },
                        "meta": {},
                        "tainted": false
                    },
                    "deposed": [],
                    "provider": ""
                },
                "aws_route.data_jcx_prod_vpc_natdc.4": {
                    "type": "aws_route",
                    "depends_on": [
                        "aws_route_table.natdc.*",
                        "aws_vpc_peering_connection.data_jcx_prod"
                    ],
                    "primary": {
                        "id": "r-rtb-90547ce8236963316",
                        "attributes": {
                            "destination_cidr_block": "10.123.112.0/20",
                            "destination_prefix_list_id": "",
                            "egress_only_gateway_id": "",
                            "gateway_id": "",
                            "id": "r-rtb-90547ce8236963316",
                            "instance_id": "",
                            "instance_owner_id": "",
                            "nat_gateway_id": "",
                            "network_interface_id": "",
                            "origin": "CreateRoute",
                            "route_table_id": "rtb-90547ce8",
                            "state": "blackhole",
                            "vpc_peering_connection_id": "pcx-3fe99a56"
                        },
                        "meta": {},
                        "tainted": false
                    },
                    "deposed": [],
                    "provider": ""
                },
                "aws_route.data_jcx_prod_vpc_private": {
                    "type": "aws_route",
                    "depends_on": [
                        "aws_route_table.private",
                        "aws_vpc_peering_connection.data_jcx_prod"
                    ],
                    "primary": {
                        "id": "r-rtb-695c7411236963316",
                        "attributes": {
                            "destination_cidr_block": "10.123.112.0/20",
                            "destination_prefix_list_id": "",
                            "egress_only_gateway_id": "",
                            "gateway_id": "",
                            "id": "r-rtb-695c7411236963316",
                            "instance_id": "",
                            "instance_owner_id": "",
                            "nat_gateway_id": "",
                            "network_interface_id": "",
                            "origin": "CreateRoute",
                            "route_table_id": "rtb-695c7411",
                            "state": "blackhole",
                            "vpc_peering_connection_id": "pcx-3fe99a56"
                        },
                        "meta": {},
                        "tainted": false
                    },
                    "deposed": [],
                    "provider": ""
                },
                "aws_route.data_jcx_prod_vpc_public": {
                    "type": "aws_route",
                    "depends_on": [
                        "aws_route_table.public",
                        "aws_vpc_peering_connection.data_jcx_prod"
                    ],
                    "primary": {
                        "id": "r-rtb-b75179cf236963316",
                        "attributes": {
                            "destination_cidr_block": "10.123.112.0/20",
                            "destination_prefix_list_id": "",
                            "egress_only_gateway_id": "",
                            "gateway_id": "",
                            "id": "r-rtb-b75179cf236963316",
                            "instance_id": "",
                            "instance_owner_id": "",
                            "nat_gateway_id": "",
                            "network_interface_id": "",
                            "origin": "CreateRoute",
                            "route_table_id": "rtb-b75179cf",
                            "state": "blackhole",
                            "vpc_peering_connection_id": "pcx-3fe99a56"
                        },
                        "meta": {},
                        "tainted": false
                    },
                    "deposed": [],
                    "provider": ""
                },
                "aws_route.infra_natdc.0": {
                    "type": "aws_route",
                    "depends_on": [
                        "aws_vpc_peering_connection.infra"
                    ],
                    "primary": {
                        "id": "r-rtb-a9def7d150443699",
                        "attributes": {
                            "destination_cidr_block": "10.125.112.0/20",
                            "destination_prefix_list_id": "",
                            "egress_only_gateway_id": "",
                            "gateway_id": "",
                            "id": "r-rtb-a9def7d150443699",
                            "instance_id": "",
                            "instance_owner_id": "",
                            "nat_gateway_id": "",
                            "network_interface_id": "",
                            "origin": "CreateRoute",
                            "route_table_id": "rtb-a9def7d1",
                            "state": "active",
                            "vpc_peering_connection_id": "pcx-fcfd8d95"
                        },
                        "meta": {},
                        "tainted": false
                    },
                    "deposed": [],
                    "provider": ""
                },
                "aws_route.infra_natdc.1": {
                    "type": "aws_route",
                    "depends_on": [
                        "aws_vpc_peering_connection.infra"
                    ],
                    "primary": {
                        "id": "r-rtb-41d4fd3950443699",
                        "attributes": {
                            "destination_cidr_block": "10.125.112.0/20",
                            "destination_prefix_list_id": "",
                            "egress_only_gateway_id": "",
                            "gateway_id": "",
                            "id": "r-rtb-41d4fd3950443699",
                            "instance_id": "",
                            "instance_owner_id": "",
                            "nat_gateway_id": "",
                            "network_interface_id": "",
                            "origin": "CreateRoute",
                            "route_table_id": "rtb-41d4fd39",
                            "state": "active",
                            "vpc_peering_connection_id": "pcx-fcfd8d95"
                        },
                        "meta": {},
                        "tainted": false
                    },
                    "deposed": [],
                    "provider": ""
                },
                "aws_route.infra_natdc.2": {
                    "type": "aws_route",
                    "depends_on": [
                        "aws_vpc_peering_connection.infra"
                    ],
                    "primary": {
                        "id": "r-rtb-dfdff6a750443699",
                        "attributes": {
                            "destination_cidr_block": "10.125.112.0/20",
                            "destination_prefix_list_id": "",
                            "egress_only_gateway_id": "",
                            "gateway_id": "",
                            "id": "r-rtb-dfdff6a750443699",
                            "instance_id": "",
                            "instance_owner_id": "",
                            "nat_gateway_id": "",
                            "network_interface_id": "",
                            "origin": "CreateRoute",
                            "route_table_id": "rtb-dfdff6a7",
                            "state": "active",
                            "vpc_peering_connection_id": "pcx-fcfd8d95"
                        },
                        "meta": {},
                        "tainted": false
                    },
                    "deposed": [],
                    "provider": ""
                },
                "aws_route.infra_natdc.3": {
                    "type": "aws_route",
                    "depends_on": [
                        "aws_vpc_peering_connection.infra"
                    ],
                    "primary": {
                        "id": "r-rtb-b6a881ce50443699",
                        "attributes": {
                            "destination_cidr_block": "10.125.112.0/20",
                            "destination_prefix_list_id": "",
                            "egress_only_gateway_id": "",
                            "gateway_id": "",
                            "id": "r-rtb-b6a881ce50443699",
                            "instance_id": "",
                            "instance_owner_id": "",
                            "nat_gateway_id": "",
                            "network_interface_id": "",
                            "origin": "CreateRoute",
                            "route_table_id": "rtb-b6a881ce",
                            "state": "active",
                            "vpc_peering_connection_id": "pcx-fcfd8d95"
                        },
                        "meta": {},
                        "tainted": false
                    },
                    "deposed": [],
                    "provider": ""
                },
                "aws_route.infra_natdc.4": {
                    "type": "aws_route",
                    "depends_on": [
                        "aws_vpc_peering_connection.infra"
                    ],
                    "primary": {
                        "id": "r-rtb-77d0f90f50443699",
                        "attributes": {
                            "destination_cidr_block": "10.125.112.0/20",
                            "destination_prefix_list_id": "",
                            "egress_only_gateway_id": "",
                            "gateway_id": "",
                            "id": "r-rtb-77d0f90f50443699",
                            "instance_id": "",
                            "instance_owner_id": "",
                            "nat_gateway_id": "",
                            "network_interface_id": "",
                            "origin": "CreateRoute",
                            "route_table_id": "rtb-77d0f90f",
                            "state": "active",
                            "vpc_peering_connection_id": "pcx-fcfd8d95"
                        },
                        "meta": {},
                        "tainted": false
                    },
                    "deposed": [],
                    "provider": ""
                },
                "aws_route.infra_private": {
                    "type": "aws_route",
                    "depends_on": [
                        "aws_vpc_peering_connection.infra"
                    ],
                    "primary": {
                        "id": "r-rtb-d4d2fbac50443699",
                        "attributes": {
                            "destination_cidr_block": "10.125.112.0/20",
                            "destination_prefix_list_id": "",
                            "egress_only_gateway_id": "",
                            "gateway_id": "",
                            "id": "r-rtb-d4d2fbac50443699",
                            "instance_id": "",
                            "instance_owner_id": "",
                            "nat_gateway_id": "",
                            "network_interface_id": "",
                            "origin": "CreateRoute",
                            "route_table_id": "rtb-d4d2fbac",
                            "state": "active",
                            "vpc_peering_connection_id": "pcx-fcfd8d95"
                        },
                        "meta": {},
                        "tainted": false
                    },
                    "deposed": [],
                    "provider": ""
                },
                "aws_route.infra_public": {
                    "type": "aws_route",
                    "depends_on": [
                        "aws_vpc_peering_connection.infra"
                    ],
                    "primary": {
                        "id": "r-rtb-6ddcf51550443699",
                        "attributes": {
                            "destination_cidr_block": "10.125.112.0/20",
                            "destination_prefix_list_id": "",
                            "egress_only_gateway_id": "",
                            "gateway_id": "",
                            "id": "r-rtb-6ddcf51550443699",
                            "instance_id": "",
                            "instance_owner_id": "",
                            "nat_gateway_id": "",
                            "network_interface_id": "",
                            "origin": "CreateRoute",
                            "route_table_id": "rtb-6ddcf515",
                            "state": "active",
                            "vpc_peering_connection_id": "pcx-fcfd8d95"
                        },
                        "meta": {},
                        "tainted": false
                    },
                    "deposed": [],
                    "provider": ""
                },
                "aws_route.reco_brewprod_vpc_natdc.0": {
                    "type": "aws_route",
                    "depends_on": [
                        "aws_route_table.natdc.*",
                        "aws_vpc_peering_connection.reco_brewprod"
                    ],
                    "primary": {
                        "id": "r-rtb-98456de0118812478",
                        "attributes": {
                            "destination_cidr_block": "10.126.64.0/20",
                            "destination_prefix_list_id": "",
                            "egress_only_gateway_id": "",
                            "gateway_id": "",
                            "id": "r-rtb-98456de0118812478",
                            "instance_id": "",
                            "instance_owner_id": "",
                            "nat_gateway_id": "",
                            "network_interface_id": "",
                            "origin": "CreateRoute",
                            "route_table_id": "rtb-98456de0",
                            "state": "blackhole",
                            "vpc_peering_connection_id": "pcx-fde09394"
                        },
                        "meta": {},
                        "tainted": false
                    },
                    "deposed": [],
                    "provider": ""
                },
                "aws_route.reco_brewprod_vpc_natdc.1": {
                    "type": "aws_route",
                    "depends_on": [
                        "aws_route_table.natdc.*",
                        "aws_vpc_peering_connection.reco_brewprod"
                    ],
                    "primary": {
                        "id": "r-rtb-f75c748f118812478",
                        "attributes": {
                            "destination_cidr_block": "10.126.64.0/20",
                            "destination_prefix_list_id": "",
                            "egress_only_gateway_id": "",
                            "gateway_id": "",
                            "id": "r-rtb-f75c748f118812478",
                            "instance_id": "",
                            "instance_owner_id": "",
                            "nat_gateway_id": "",
                            "network_interface_id": "",
                            "origin": "CreateRoute",
                            "route_table_id": "rtb-f75c748f",
                            "state": "blackhole",
                            "vpc_peering_connection_id": "pcx-fde09394"
                        },
                        "meta": {},
                        "tainted": false
                    },
                    "deposed": [],
                    "provider": ""
                },
                "aws_route.reco_brewprod_vpc_natdc.2": {
                    "type": "aws_route",
                    "depends_on": [
                        "aws_route_table.natdc.*",
                        "aws_vpc_peering_connection.reco_brewprod"
                    ],
                    "primary": {
                        "id": "r-rtb-e75d759f118812478",
                        "attributes": {
                            "destination_cidr_block": "10.126.64.0/20",
                            "destination_prefix_list_id": "",
                            "egress_only_gateway_id": "",
                            "gateway_id": "",
                            "id": "r-rtb-e75d759f118812478",
                            "instance_id": "",
                            "instance_owner_id": "",
                            "nat_gateway_id": "",
                            "network_interface_id": "",
                            "origin": "CreateRoute",
                            "route_table_id": "rtb-e75d759f",
                            "state": "blackhole",
                            "vpc_peering_connection_id": "pcx-fde09394"
                        },
                        "meta": {},
                        "tainted": false
                    },
                    "deposed": [],
                    "provider": ""
                },
                "aws_route.reco_brewprod_vpc_natdc.3": {
                    "type": "aws_route",
                    "depends_on": [
                        "aws_route_table.natdc.*",
                        "aws_vpc_peering_connection.reco_brewprod"
                    ],
                    "primary": {
                        "id": "r-rtb-6d476f15118812478",
                        "attributes": {
                            "destination_cidr_block": "10.126.64.0/20",
                            "destination_prefix_list_id": "",
                            "egress_only_gateway_id": "",
                            "gateway_id": "",
                            "id": "r-rtb-6d476f15118812478",
                            "instance_id": "",
                            "instance_owner_id": "",
                            "nat_gateway_id": "",
                            "network_interface_id": "",
                            "origin": "CreateRoute",
                            "route_table_id": "rtb-6d476f15",
                            "state": "blackhole",
                            "vpc_peering_connection_id": "pcx-fde09394"
                        },
                        "meta": {},
                        "tainted": false
                    },
                    "deposed": [],
                    "provider": ""
                },
                "aws_route.reco_brewprod_vpc_natdc.4": {
                    "type": "aws_route",
                    "depends_on": [
                        "aws_route_table.natdc.*",
                        "aws_vpc_peering_connection.reco_brewprod"
                    ],
                    "primary": {
                        "id": "r-rtb-90547ce8118812478",
                        "attributes": {
                            "destination_cidr_block": "10.126.64.0/20",
                            "destination_prefix_list_id": "",
                            "egress_only_gateway_id": "",
                            "gateway_id": "",
                            "id": "r-rtb-90547ce8118812478",
                            "instance_id": "",
                            "instance_owner_id": "",
                            "nat_gateway_id": "",
                            "network_interface_id": "",
                            "origin": "CreateRoute",
                            "route_table_id": "rtb-90547ce8",
                            "state": "blackhole",
                            "vpc_peering_connection_id": "pcx-fde09394"
                        },
                        "meta": {},
                        "tainted": false
                    },
                    "deposed": [],
                    "provider": ""
                },
                "aws_route.reco_brewprod_vpc_private": {
                    "type": "aws_route",
                    "depends_on": [
                        "aws_route_table.private",
                        "aws_vpc_peering_connection.reco_brewprod"
                    ],
                    "primary": {
                        "id": "r-rtb-695c7411118812478",
                        "attributes": {
                            "destination_cidr_block": "10.126.64.0/20",
                            "destination_prefix_list_id": "",
                            "egress_only_gateway_id": "",
                            "gateway_id": "",
                            "id": "r-rtb-695c7411118812478",
                            "instance_id": "",
                            "instance_owner_id": "",
                            "nat_gateway_id": "",
                            "network_interface_id": "",
                            "origin": "CreateRoute",
                            "route_table_id": "rtb-695c7411",
                            "state": "blackhole",
                            "vpc_peering_connection_id": "pcx-fde09394"
                        },
                        "meta": {},
                        "tainted": false
                    },
                    "deposed": [],
                    "provider": ""
                },
                "aws_route.reco_brewprod_vpc_public": {
                    "type": "aws_route",
                    "depends_on": [
                        "aws_route_table.public",
                        "aws_vpc_peering_connection.reco_brewprod"
                    ],
                    "primary": {
                        "id": "r-rtb-b75179cf118812478",
                        "attributes": {
                            "destination_cidr_block": "10.126.64.0/20",
                            "destination_prefix_list_id": "",
                            "egress_only_gateway_id": "",
                            "gateway_id": "",
                            "id": "r-rtb-b75179cf118812478",
                            "instance_id": "",
                            "instance_owner_id": "",
                            "nat_gateway_id": "",
                            "network_interface_id": "",
                            "origin": "CreateRoute",
                            "route_table_id": "rtb-b75179cf",
                            "state": "blackhole",
                            "vpc_peering_connection_id": "pcx-fde09394"
                        },
                        "meta": {},
                        "tainted": false
                    },
                    "deposed": [],
                    "provider": ""
                },
                "aws_route.reco_prod_vpc_natdc.0": {
                    "type": "aws_route",
                    "depends_on": [
                        "aws_route_table.natdc.*",
                        "aws_vpc_peering_connection.reco_prod"
                    ],
                    "primary": {
                        "id": "r-rtb-98456de03895856816",
                        "attributes": {
                            "destination_cidr_block": "10.126.112.0/20",
                            "destination_prefix_list_id": "",
                            "egress_only_gateway_id": "",
                            "gateway_id": "",
                            "id": "r-rtb-98456de03895856816",
                            "instance_id": "",
                            "instance_owner_id": "",
                            "nat_gateway_id": "",
                            "network_interface_id": "",
                            "origin": "CreateRoute",
                            "route_table_id": "rtb-98456de0",
                            "state": "blackhole",
                            "vpc_peering_connection_id": "pcx-38eb9851"
                        },
                        "meta": {},
                        "tainted": false
                    },
                    "deposed": [],
                    "provider": ""
                },
                "aws_route.reco_prod_vpc_natdc.1": {
                    "type": "aws_route",
                    "depends_on": [
                        "aws_route_table.natdc.*",
                        "aws_vpc_peering_connection.reco_prod"
                    ],
                    "primary": {
                        "id": "r-rtb-f75c748f3895856816",
                        "attributes": {
                            "destination_cidr_block": "10.126.112.0/20",
                            "destination_prefix_list_id": "",
                            "egress_only_gateway_id": "",
                            "gateway_id": "",
                            "id": "r-rtb-f75c748f3895856816",
                            "instance_id": "",
                            "instance_owner_id": "",
                            "nat_gateway_id": "",
                            "network_interface_id": "",
                            "origin": "CreateRoute",
                            "route_table_id": "rtb-f75c748f",
                            "state": "blackhole",
                            "vpc_peering_connection_id": "pcx-38eb9851"
                        },
                        "meta": {},
                        "tainted": false
                    },
                    "deposed": [],
                    "provider": ""
                },
                "aws_route.reco_prod_vpc_natdc.2": {
                    "type": "aws_route",
                    "depends_on": [
                        "aws_route_table.natdc.*",
                        "aws_vpc_peering_connection.reco_prod"
                    ],
                    "primary": {
                        "id": "r-rtb-e75d759f3895856816",
                        "attributes": {
                            "destination_cidr_block": "10.126.112.0/20",
                            "destination_prefix_list_id": "",
                            "egress_only_gateway_id": "",
                            "gateway_id": "",
                            "id": "r-rtb-e75d759f3895856816",
                            "instance_id": "",
                            "instance_owner_id": "",
                            "nat_gateway_id": "",
                            "network_interface_id": "",
                            "origin": "CreateRoute",
                            "route_table_id": "rtb-e75d759f",
                            "state": "blackhole",
                            "vpc_peering_connection_id": "pcx-38eb9851"
                        },
                        "meta": {},
                        "tainted": false
                    },
                    "deposed": [],
                    "provider": ""
                },
                "aws_route.reco_prod_vpc_natdc.3": {
                    "type": "aws_route",
                    "depends_on": [
                        "aws_route_table.natdc.*",
                        "aws_vpc_peering_connection.reco_prod"
                    ],
                    "primary": {
                        "id": "r-rtb-6d476f153895856816",
                        "attributes": {
                            "destination_cidr_block": "10.126.112.0/20",
                            "destination_prefix_list_id": "",
                            "egress_only_gateway_id": "",
                            "gateway_id": "",
                            "id": "r-rtb-6d476f153895856816",
                            "instance_id": "",
                            "instance_owner_id": "",
                            "nat_gateway_id": "",
                            "network_interface_id": "",
                            "origin": "CreateRoute",
                            "route_table_id": "rtb-6d476f15",
                            "state": "blackhole",
                            "vpc_peering_connection_id": "pcx-38eb9851"
                        },
                        "meta": {},
                        "tainted": false
                    },
                    "deposed": [],
                    "provider": ""
                },
                "aws_route.reco_prod_vpc_natdc.4": {
                    "type": "aws_route",
                    "depends_on": [
                        "aws_route_table.natdc.*",
                        "aws_vpc_peering_connection.reco_prod"
                    ],
                    "primary": {
                        "id": "r-rtb-90547ce83895856816",
                        "attributes": {
                            "destination_cidr_block": "10.126.112.0/20",
                            "destination_prefix_list_id": "",
                            "egress_only_gateway_id": "",
                            "gateway_id": "",
                            "id": "r-rtb-90547ce83895856816",
                            "instance_id": "",
                            "instance_owner_id": "",
                            "nat_gateway_id": "",
                            "network_interface_id": "",
                            "origin": "CreateRoute",
                            "route_table_id": "rtb-90547ce8",
                            "state": "blackhole",
                            "vpc_peering_connection_id": "pcx-38eb9851"
                        },
                        "meta": {},
                        "tainted": false
                    },
                    "deposed": [],
                    "provider": ""
                },
                "aws_route.reco_prod_vpc_private": {
                    "type": "aws_route",
                    "depends_on": [
                        "aws_route_table.private",
                        "aws_vpc_peering_connection.reco_prod"
                    ],
                    "primary": {
                        "id": "r-rtb-695c74113895856816",
                        "attributes": {
                            "destination_cidr_block": "10.126.112.0/20",
                            "destination_prefix_list_id": "",
                            "egress_only_gateway_id": "",
                            "gateway_id": "",
                            "id": "r-rtb-695c74113895856816",
                            "instance_id": "",
                            "instance_owner_id": "",
                            "nat_gateway_id": "",
                            "network_interface_id": "",
                            "origin": "CreateRoute",
                            "route_table_id": "rtb-695c7411",
                            "state": "blackhole",
                            "vpc_peering_connection_id": "pcx-38eb9851"
                        },
                        "meta": {},
                        "tainted": false
                    },
                    "deposed": [],
                    "provider": ""
                },
                "aws_route.reco_prod_vpc_public": {
                    "type": "aws_route",
                    "depends_on": [
                        "aws_route_table.public",
                        "aws_vpc_peering_connection.reco_prod"
                    ],
                    "primary": {
                        "id": "r-rtb-b75179cf3895856816",
                        "attributes": {
                            "destination_cidr_block": "10.126.112.0/20",
                            "destination_prefix_list_id": "",
                            "egress_only_gateway_id": "",
                            "gateway_id": "",
                            "id": "r-rtb-b75179cf3895856816",
                            "instance_id": "",
                            "instance_owner_id": "",
                            "nat_gateway_id": "",
                            "network_interface_id": "",
                            "origin": "CreateRoute",
                            "route_table_id": "rtb-b75179cf",
                            "state": "blackhole",
                            "vpc_peering_connection_id": "pcx-38eb9851"
                        },
                        "meta": {},
                        "tainted": false
                    },
                    "deposed": [],
                    "provider": ""
                },
                "aws_route53_zone_association.route53": {
                    "type": "aws_route53_zone_association",
                    "depends_on": [
                        "aws_vpc.main"
                    ],
                    "primary": {
                        "id": "Z3IWCGZKOXJTEC:vpc-9d7ae1e4",
                        "attributes": {
                            "id": "Z3IWCGZKOXJTEC:vpc-9d7ae1e4",
                            "vpc_id": "vpc-9d7ae1e4",
                            "vpc_region": "us-east-1",
                            "zone_id": "Z3IWCGZKOXJTEC"
                        },
                        "meta": {},
                        "tainted": false
                    },
                    "deposed": [],
                    "provider": ""
                },
                "aws_route_table.natdc.0": {
                    "type": "aws_route_table",
                    "depends_on": [
                        "aws_nat_gateway.natgw.*",
                        "aws_vpc.main",
                        "aws_vpn_gateway.vgw"
                    ],
                    "primary": {
                        "id": "rtb-98456de0",
                        "attributes": {
                            "id": "rtb-98456de0",
                            "propagating_vgws.#": "1",
                            "propagating_vgws.303147014": "vgw-be8e65d7",
                            "route.#": "6",
                            "route.1401076846.cidr_block": "10.123.32.0/20",
                            "route.1401076846.egress_only_gateway_id": "",
                            "route.1401076846.gateway_id": "",
                            "route.1401076846.instance_id": "",
                            "route.1401076846.ipv6_cidr_block": "",
                            "route.1401076846.nat_gateway_id": "",
                            "route.1401076846.network_interface_id": "",
                            "route.1401076846.vpc_peering_connection_id": "pcx-2afc8f43",
                            "route.1491215130.cidr_block": "10.126.64.0/20",
                            "route.1491215130.egress_only_gateway_id": "",
                            "route.1491215130.gateway_id": "",
                            "route.1491215130.instance_id": "",
                            "route.1491215130.ipv6_cidr_block": "",
                            "route.1491215130.nat_gateway_id": "",
                            "route.1491215130.network_interface_id": "",
                            "route.1491215130.vpc_peering_connection_id": "pcx-fde09394",
                            "route.1505432915.cidr_block": "10.123.112.0/20",
                            "route.1505432915.egress_only_gateway_id": "",
                            "route.1505432915.gateway_id": "",
                            "route.1505432915.instance_id": "",
                            "route.1505432915.ipv6_cidr_block": "",
                            "route.1505432915.nat_gateway_id": "",
                            "route.1505432915.network_interface_id": "",
                            "route.1505432915.vpc_peering_connection_id": "pcx-3fe99a56",
                            "route.2413279681.cidr_block": "0.0.0.0/0",
                            "route.2413279681.egress_only_gateway_id": "",
                            "route.2413279681.gateway_id": "",
                            "route.2413279681.instance_id": "",
                            "route.2413279681.ipv6_cidr_block": "",
                            "route.2413279681.nat_gateway_id": "nat-0747e3457b68a23b0",
                            "route.2413279681.network_interface_id": "",
                            "route.2413279681.vpc_peering_connection_id": "",
                            "route.308933907.cidr_block": "10.127.44.7/32",
                            "route.308933907.egress_only_gateway_id": "",
                            "route.308933907.gateway_id": "",
                            "route.308933907.instance_id": "",
                            "route.308933907.ipv6_cidr_block": "",
                            "route.308933907.nat_gateway_id": "",
                            "route.308933907.network_interface_id": "",
                            "route.308933907.vpc_peering_connection_id": "pcx-fcfd8d95",
                            "route.3336319536.cidr_block": "10.126.112.0/20",
                            "route.3336319536.egress_only_gateway_id": "",
                            "route.3336319536.gateway_id": "",
                            "route.3336319536.instance_id": "",
                            "route.3336319536.ipv6_cidr_block": "",
                            "route.3336319536.nat_gateway_id": "",
                            "route.3336319536.network_interface_id": "",
                            "route.3336319536.vpc_peering_connection_id": "pcx-38eb9851",
                            "tags.%": "5",
                            "tags.Name": "prod-jcx-natdc-routetable",
                            "tags.account_name": "jive-microservices-prod",
                            "tags.pipeline_phase": "prod-jcx",
                            "tags.region": "us-east-1",
                            "tags.sla": "prod",
                            "vpc_id": "vpc-9d7ae1e4"
                        },
                        "meta": {},
                        "tainted": false
                    },
                    "deposed": [],
                    "provider": ""
                },
                "aws_route_table.natdc.1": {
                    "type": "aws_route_table",
                    "depends_on": [
                        "aws_nat_gateway.natgw.*",
                        "aws_vpc.main",
                        "aws_vpn_gateway.vgw"
                    ],
                    "primary": {
                        "id": "rtb-f75c748f",
                        "attributes": {
                            "id": "rtb-f75c748f",
                            "propagating_vgws.#": "1",
                            "propagating_vgws.303147014": "vgw-be8e65d7",
                            "route.#": "6",
                            "route.1401076846.cidr_block": "10.123.32.0/20",
                            "route.1401076846.egress_only_gateway_id": "",
                            "route.1401076846.gateway_id": "",
                            "route.1401076846.instance_id": "",
                            "route.1401076846.ipv6_cidr_block": "",
                            "route.1401076846.nat_gateway_id": "",
                            "route.1401076846.network_interface_id": "",
                            "route.1401076846.vpc_peering_connection_id": "pcx-2afc8f43",
                            "route.1491215130.cidr_block": "10.126.64.0/20",
                            "route.1491215130.egress_only_gateway_id": "",
                            "route.1491215130.gateway_id": "",
                            "route.1491215130.instance_id": "",
                            "route.1491215130.ipv6_cidr_block": "",
                            "route.1491215130.nat_gateway_id": "",
                            "route.1491215130.network_interface_id": "",
                            "route.1491215130.vpc_peering_connection_id": "pcx-fde09394",
                            "route.1505432915.cidr_block": "10.123.112.0/20",
                            "route.1505432915.egress_only_gateway_id": "",
                            "route.1505432915.gateway_id": "",
                            "route.1505432915.instance_id": "",
                            "route.1505432915.ipv6_cidr_block": "",
                            "route.1505432915.nat_gateway_id": "",
                            "route.1505432915.network_interface_id": "",
                            "route.1505432915.vpc_peering_connection_id": "pcx-3fe99a56",
                            "route.308933907.cidr_block": "10.127.44.7/32",
                            "route.308933907.egress_only_gateway_id": "",
                            "route.308933907.gateway_id": "",
                            "route.308933907.instance_id": "",
                            "route.308933907.ipv6_cidr_block": "",
                            "route.308933907.nat_gateway_id": "",
                            "route.308933907.network_interface_id": "",
                            "route.308933907.vpc_peering_connection_id": "pcx-fcfd8d95",
                            "route.3336319536.cidr_block": "10.126.112.0/20",
                            "route.3336319536.egress_only_gateway_id": "",
                            "route.3336319536.gateway_id": "",
                            "route.3336319536.instance_id": "",
                            "route.3336319536.ipv6_cidr_block": "",
                            "route.3336319536.nat_gateway_id": "",
                            "route.3336319536.network_interface_id": "",
                            "route.3336319536.vpc_peering_connection_id": "pcx-38eb9851",
                            "route.3374662395.cidr_block": "0.0.0.0/0",
                            "route.3374662395.egress_only_gateway_id": "",
                            "route.3374662395.gateway_id": "",
                            "route.3374662395.instance_id": "",
                            "route.3374662395.ipv6_cidr_block": "",
                            "route.3374662395.nat_gateway_id": "nat-00ea4bd47b92cf338",
                            "route.3374662395.network_interface_id": "",
                            "route.3374662395.vpc_peering_connection_id": "",
                            "tags.%": "5",
                            "tags.Name": "prod-jcx-natdc-routetable",
                            "tags.account_name": "jive-microservices-prod",
                            "tags.pipeline_phase": "prod-jcx",
                            "tags.region": "us-east-1",
                            "tags.sla": "prod",
                            "vpc_id": "vpc-9d7ae1e4"
                        },
                        "meta": {},
                        "tainted": false
                    },
                    "deposed": [],
                    "provider": ""
                },
                "aws_route_table.natdc.2": {
                    "type": "aws_route_table",
                    "depends_on": [
                        "aws_nat_gateway.natgw.*",
                        "aws_vpc.main",
                        "aws_vpn_gateway.vgw"
                    ],
                    "primary": {
                        "id": "rtb-e75d759f",
                        "attributes": {
                            "id": "rtb-e75d759f",
                            "propagating_vgws.#": "1",
                            "propagating_vgws.303147014": "vgw-be8e65d7",
                            "route.#": "6",
                            "route.1401076846.cidr_block": "10.123.32.0/20",
                            "route.1401076846.egress_only_gateway_id": "",
                            "route.1401076846.gateway_id": "",
                            "route.1401076846.instance_id": "",
                            "route.1401076846.ipv6_cidr_block": "",
                            "route.1401076846.nat_gateway_id": "",
                            "route.1401076846.network_interface_id": "",
                            "route.1401076846.vpc_peering_connection_id": "pcx-2afc8f43",
                            "route.1491215130.cidr_block": "10.126.64.0/20",
                            "route.1491215130.egress_only_gateway_id": "",
                            "route.1491215130.gateway_id": "",
                            "route.1491215130.instance_id": "",
                            "route.1491215130.ipv6_cidr_block": "",
                            "route.1491215130.nat_gateway_id": "",
                            "route.1491215130.network_interface_id": "",
                            "route.1491215130.vpc_peering_connection_id": "pcx-fde09394",
                            "route.1505432915.cidr_block": "10.123.112.0/20",
                            "route.1505432915.egress_only_gateway_id": "",
                            "route.1505432915.gateway_id": "",
                            "route.1505432915.instance_id": "",
                            "route.1505432915.ipv6_cidr_block": "",
                            "route.1505432915.nat_gateway_id": "",
                            "route.1505432915.network_interface_id": "",
                            "route.1505432915.vpc_peering_connection_id": "pcx-3fe99a56",
                            "route.2958347585.cidr_block": "0.0.0.0/0",
                            "route.2958347585.egress_only_gateway_id": "",
                            "route.2958347585.gateway_id": "",
                            "route.2958347585.instance_id": "",
                            "route.2958347585.ipv6_cidr_block": "",
                            "route.2958347585.nat_gateway_id": "nat-0f2093af7cbf51996",
                            "route.2958347585.network_interface_id": "",
                            "route.2958347585.vpc_peering_connection_id": "",
                            "route.308933907.cidr_block": "10.127.44.7/32",
                            "route.308933907.egress_only_gateway_id": "",
                            "route.308933907.gateway_id": "",
                            "route.308933907.instance_id": "",
                            "route.308933907.ipv6_cidr_block": "",
                            "route.308933907.nat_gateway_id": "",
                            "route.308933907.network_interface_id": "",
                            "route.308933907.vpc_peering_connection_id": "pcx-fcfd8d95",
                            "route.3336319536.cidr_block": "10.126.112.0/20",
                            "route.3336319536.egress_only_gateway_id": "",
                            "route.3336319536.gateway_id": "",
                            "route.3336319536.instance_id": "",
                            "route.3336319536.ipv6_cidr_block": "",
                            "route.3336319536.nat_gateway_id": "",
                            "route.3336319536.network_interface_id": "",
                            "route.3336319536.vpc_peering_connection_id": "pcx-38eb9851",
                            "tags.%": "5",
                            "tags.Name": "prod-jcx-natdc-routetable",
                            "tags.account_name": "jive-microservices-prod",
                            "tags.pipeline_phase": "prod-jcx",
                            "tags.region": "us-east-1",
                            "tags.sla": "prod",
                            "vpc_id": "vpc-9d7ae1e4"
                        },
                        "meta": {},
                        "tainted": false
                    },
                    "deposed": [],
                    "provider": ""
                },
                "aws_route_table.natdc.3": {
                    "type": "aws_route_table",
                    "depends_on": [
                        "aws_nat_gateway.natgw.*",
                        "aws_vpc.main",
                        "aws_vpn_gateway.vgw"
                    ],
                    "primary": {
                        "id": "rtb-6d476f15",
                        "attributes": {
                            "id": "rtb-6d476f15",
                            "propagating_vgws.#": "1",
                            "propagating_vgws.303147014": "vgw-be8e65d7",
                            "route.#": "6",
                            "route.1401076846.cidr_block": "10.123.32.0/20",
                            "route.1401076846.egress_only_gateway_id": "",
                            "route.1401076846.gateway_id": "",
                            "route.1401076846.instance_id": "",
                            "route.1401076846.ipv6_cidr_block": "",
                            "route.1401076846.nat_gateway_id": "",
                            "route.1401076846.network_interface_id": "",
                            "route.1401076846.vpc_peering_connection_id": "pcx-2afc8f43",
                            "route.1491215130.cidr_block": "10.126.64.0/20",
                            "route.1491215130.egress_only_gateway_id": "",
                            "route.1491215130.gateway_id": "",
                            "route.1491215130.instance_id": "",
                            "route.1491215130.ipv6_cidr_block": "",
                            "route.1491215130.nat_gateway_id": "",
                            "route.1491215130.network_interface_id": "",
                            "route.1491215130.vpc_peering_connection_id": "pcx-fde09394",
                            "route.1505432915.cidr_block": "10.123.112.0/20",
                            "route.1505432915.egress_only_gateway_id": "",
                            "route.1505432915.gateway_id": "",
                            "route.1505432915.instance_id": "",
                            "route.1505432915.ipv6_cidr_block": "",
                            "route.1505432915.nat_gateway_id": "",
                            "route.1505432915.network_interface_id": "",
                            "route.1505432915.vpc_peering_connection_id": "pcx-3fe99a56",
                            "route.308933907.cidr_block": "10.127.44.7/32",
                            "route.308933907.egress_only_gateway_id": "",
                            "route.308933907.gateway_id": "",
                            "route.308933907.instance_id": "",
                            "route.308933907.ipv6_cidr_block": "",
                            "route.308933907.nat_gateway_id": "",
                            "route.308933907.network_interface_id": "",
                            "route.308933907.vpc_peering_connection_id": "pcx-fcfd8d95",
                            "route.3336319536.cidr_block": "10.126.112.0/20",
                            "route.3336319536.egress_only_gateway_id": "",
                            "route.3336319536.gateway_id": "",
                            "route.3336319536.instance_id": "",
                            "route.3336319536.ipv6_cidr_block": "",
                            "route.3336319536.nat_gateway_id": "",
                            "route.3336319536.network_interface_id": "",
                            "route.3336319536.vpc_peering_connection_id": "pcx-38eb9851",
                            "route.3609274394.cidr_block": "0.0.0.0/0",
                            "route.3609274394.egress_only_gateway_id": "",
                            "route.3609274394.gateway_id": "",
                            "route.3609274394.instance_id": "",
                            "route.3609274394.ipv6_cidr_block": "",
                            "route.3609274394.nat_gateway_id": "nat-0e0735f282ba56867",
                            "route.3609274394.network_interface_id": "",
                            "route.3609274394.vpc_peering_connection_id": "",
                            "tags.%": "5",
                            "tags.Name": "prod-jcx-natdc-routetable",
                            "tags.account_name": "jive-microservices-prod",
                            "tags.pipeline_phase": "prod-jcx",
                            "tags.region": "us-east-1",
                            "tags.sla": "prod",
                            "vpc_id": "vpc-9d7ae1e4"
                        },
                        "meta": {},
                        "tainted": false
                    },
                    "deposed": [],
                    "provider": ""
                },
                "aws_route_table.natdc.4": {
                    "type": "aws_route_table",
                    "depends_on": [
                        "aws_nat_gateway.natgw.*",
                        "aws_vpc.main",
                        "aws_vpn_gateway.vgw"
                    ],
                    "primary": {
                        "id": "rtb-90547ce8",
                        "attributes": {
                            "id": "rtb-90547ce8",
                            "propagating_vgws.#": "1",
                            "propagating_vgws.303147014": "vgw-be8e65d7",
                            "route.#": "6",
                            "route.1401076846.cidr_block": "10.123.32.0/20",
                            "route.1401076846.egress_only_gateway_id": "",
                            "route.1401076846.gateway_id": "",
                            "route.1401076846.instance_id": "",
                            "route.1401076846.ipv6_cidr_block": "",
                            "route.1401076846.nat_gateway_id": "",
                            "route.1401076846.network_interface_id": "",
                            "route.1401076846.vpc_peering_connection_id": "pcx-2afc8f43",
                            "route.1491215130.cidr_block": "10.126.64.0/20",
                            "route.1491215130.egress_only_gateway_id": "",
                            "route.1491215130.gateway_id": "",
                            "route.1491215130.instance_id": "",
                            "route.1491215130.ipv6_cidr_block": "",
                            "route.1491215130.nat_gateway_id": "",
                            "route.1491215130.network_interface_id": "",
                            "route.1491215130.vpc_peering_connection_id": "pcx-fde09394",
                            "route.1505432915.cidr_block": "10.123.112.0/20",
                            "route.1505432915.egress_only_gateway_id": "",
                            "route.1505432915.gateway_id": "",
                            "route.1505432915.instance_id": "",
                            "route.1505432915.ipv6_cidr_block": "",
                            "route.1505432915.nat_gateway_id": "",
                            "route.1505432915.network_interface_id": "",
                            "route.1505432915.vpc_peering_connection_id": "pcx-3fe99a56",
                            "route.308933907.cidr_block": "10.127.44.7/32",
                            "route.308933907.egress_only_gateway_id": "",
                            "route.308933907.gateway_id": "",
                            "route.308933907.instance_id": "",
                            "route.308933907.ipv6_cidr_block": "",
                            "route.308933907.nat_gateway_id": "",
                            "route.308933907.network_interface_id": "",
                            "route.308933907.vpc_peering_connection_id": "pcx-fcfd8d95",
                            "route.3336319536.cidr_block": "10.126.112.0/20",
                            "route.3336319536.egress_only_gateway_id": "",
                            "route.3336319536.gateway_id": "",
                            "route.3336319536.instance_id": "",
                            "route.3336319536.ipv6_cidr_block": "",
                            "route.3336319536.nat_gateway_id": "",
                            "route.3336319536.network_interface_id": "",
                            "route.3336319536.vpc_peering_connection_id": "pcx-38eb9851",
                            "route.622257172.cidr_block": "0.0.0.0/0",
                            "route.622257172.egress_only_gateway_id": "",
                            "route.622257172.gateway_id": "",
                            "route.622257172.instance_id": "",
                            "route.622257172.ipv6_cidr_block": "",
                            "route.622257172.nat_gateway_id": "nat-0e9c34bbc686db8ea",
                            "route.622257172.network_interface_id": "",
                            "route.622257172.vpc_peering_connection_id": "",
                            "tags.%": "5",
                            "tags.Name": "prod-jcx-natdc-routetable",
                            "tags.account_name": "jive-microservices-prod",
                            "tags.pipeline_phase": "prod-jcx",
                            "tags.region": "us-east-1",
                            "tags.sla": "prod",
                            "vpc_id": "vpc-9d7ae1e4"
                        },
                        "meta": {},
                        "tainted": false
                    },
                    "deposed": [],
                    "provider": ""
                },
                "aws_route_table.private": {
                    "type": "aws_route_table",
                    "depends_on": [
                        "aws_vpc.main"
                    ],
                    "primary": {
                        "id": "rtb-695c7411",
                        "attributes": {
                            "id": "rtb-695c7411",
                            "propagating_vgws.#": "0",
                            "route.#": "5",
                            "route.1401076846.cidr_block": "10.123.32.0/20",
                            "route.1401076846.egress_only_gateway_id": "",
                            "route.1401076846.gateway_id": "",
                            "route.1401076846.instance_id": "",
                            "route.1401076846.ipv6_cidr_block": "",
                            "route.1401076846.nat_gateway_id": "",
                            "route.1401076846.network_interface_id": "",
                            "route.1401076846.vpc_peering_connection_id": "pcx-2afc8f43",
                            "route.1491215130.cidr_block": "10.126.64.0/20",
                            "route.1491215130.egress_only_gateway_id": "",
                            "route.1491215130.gateway_id": "",
                            "route.1491215130.instance_id": "",
                            "route.1491215130.ipv6_cidr_block": "",
                            "route.1491215130.nat_gateway_id": "",
                            "route.1491215130.network_interface_id": "",
                            "route.1491215130.vpc_peering_connection_id": "pcx-fde09394",
                            "route.1505432915.cidr_block": "10.123.112.0/20",
                            "route.1505432915.egress_only_gateway_id": "",
                            "route.1505432915.gateway_id": "",
                            "route.1505432915.instance_id": "",
                            "route.1505432915.ipv6_cidr_block": "",
                            "route.1505432915.nat_gateway_id": "",
                            "route.1505432915.network_interface_id": "",
                            "route.1505432915.vpc_peering_connection_id": "pcx-3fe99a56",
                            "route.308933907.cidr_block": "10.127.44.7/32",
                            "route.308933907.egress_only_gateway_id": "",
                            "route.308933907.gateway_id": "",
                            "route.308933907.instance_id": "",
                            "route.308933907.ipv6_cidr_block": "",
                            "route.308933907.nat_gateway_id": "",
                            "route.308933907.network_interface_id": "",
                            "route.308933907.vpc_peering_connection_id": "pcx-fcfd8d95",
                            "route.3336319536.cidr_block": "10.126.112.0/20",
                            "route.3336319536.egress_only_gateway_id": "",
                            "route.3336319536.gateway_id": "",
                            "route.3336319536.instance_id": "",
                            "route.3336319536.ipv6_cidr_block": "",
                            "route.3336319536.nat_gateway_id": "",
                            "route.3336319536.network_interface_id": "",
                            "route.3336319536.vpc_peering_connection_id": "pcx-38eb9851",
                            "tags.%": "5",
                            "tags.Name": "prod-jcx-private-routetable",
                            "tags.account_name": "jive-microservices-prod",
                            "tags.pipeline_phase": "prod-jcx",
                            "tags.region": "us-east-1",
                            "tags.sla": "prod",
                            "vpc_id": "vpc-9d7ae1e4"
                        },
                        "meta": {},
                        "tainted": false
                    },
                    "deposed": [],
                    "provider": ""
                },
                "aws_route_table.public": {
                    "type": "aws_route_table",
                    "depends_on": [
                        "aws_internet_gateway.igw",
                        "aws_vpc.main"
                    ],
                    "primary": {
                        "id": "rtb-b75179cf",
                        "attributes": {
                            "id": "rtb-b75179cf",
                            "propagating_vgws.#": "0",
                            "route.#": "6",
                            "route.1401076846.cidr_block": "10.123.32.0/20",
                            "route.1401076846.egress_only_gateway_id": "",
                            "route.1401076846.gateway_id": "",
                            "route.1401076846.instance_id": "",
                            "route.1401076846.ipv6_cidr_block": "",
                            "route.1401076846.nat_gateway_id": "",
                            "route.1401076846.network_interface_id": "",
                            "route.1401076846.vpc_peering_connection_id": "pcx-2afc8f43",
                            "route.1491215130.cidr_block": "10.126.64.0/20",
                            "route.1491215130.egress_only_gateway_id": "",
                            "route.1491215130.gateway_id": "",
                            "route.1491215130.instance_id": "",
                            "route.1491215130.ipv6_cidr_block": "",
                            "route.1491215130.nat_gateway_id": "",
                            "route.1491215130.network_interface_id": "",
                            "route.1491215130.vpc_peering_connection_id": "pcx-fde09394",
                            "route.1505432915.cidr_block": "10.123.112.0/20",
                            "route.1505432915.egress_only_gateway_id": "",
                            "route.1505432915.gateway_id": "",
                            "route.1505432915.instance_id": "",
                            "route.1505432915.ipv6_cidr_block": "",
                            "route.1505432915.nat_gateway_id": "",
                            "route.1505432915.network_interface_id": "",
                            "route.1505432915.vpc_peering_connection_id": "pcx-3fe99a56",
                            "route.308933907.cidr_block": "10.127.44.7/32",
                            "route.308933907.egress_only_gateway_id": "",
                            "route.308933907.gateway_id": "",
                            "route.308933907.instance_id": "",
                            "route.308933907.ipv6_cidr_block": "",
                            "route.308933907.nat_gateway_id": "",
                            "route.308933907.network_interface_id": "",
                            "route.308933907.vpc_peering_connection_id": "pcx-fcfd8d95",
                            "route.3336319536.cidr_block": "10.126.112.0/20",
                            "route.3336319536.egress_only_gateway_id": "",
                            "route.3336319536.gateway_id": "",
                            "route.3336319536.instance_id": "",
                            "route.3336319536.ipv6_cidr_block": "",
                            "route.3336319536.nat_gateway_id": "",
                            "route.3336319536.network_interface_id": "",
                            "route.3336319536.vpc_peering_connection_id": "pcx-38eb9851",
                            "route.839373796.cidr_block": "0.0.0.0/0",
                            "route.839373796.egress_only_gateway_id": "",
                            "route.839373796.gateway_id": "igw-05d19863",
                            "route.839373796.instance_id": "",
                            "route.839373796.ipv6_cidr_block": "",
                            "route.839373796.nat_gateway_id": "",
                            "route.839373796.network_interface_id": "",
                            "route.839373796.vpc_peering_connection_id": "",
                            "tags.%": "6",
                            "tags.KubernetesCluster": "us-east-1_jive-microservices-prod-jcx",
                            "tags.Name": "prod-jcx-public-routetable",
                            "tags.account_name": "jive-microservices-prod",
                            "tags.pipeline_phase": "prod-jcx",
                            "tags.region": "us-east-1",
                            "tags.sla": "prod",
                            "vpc_id": "vpc-9d7ae1e4"
                        },
                        "meta": {},
                        "tainted": false
                    },
                    "deposed": [],
                    "provider": ""
                },
                "aws_route_table_association.natdc.0": {
                    "type": "aws_route_table_association",
                    "depends_on": [
                        "aws_route_table.natdc.*",
                        "aws_subnet.natdc.*"
                    ],
                    "primary": {
                        "id": "rtbassoc-47d7cd3c",
                        "attributes": {
                            "id": "rtbassoc-47d7cd3c",
                            "route_table_id": "rtb-98456de0",
                            "subnet_id": "subnet-0bbd2e27"
                        },
                        "meta": {},
                        "tainted": false
                    },
                    "deposed": [],
                    "provider": ""
                },
                "aws_route_table_association.natdc.1": {
                    "type": "aws_route_table_association",
                    "depends_on": [
                        "aws_route_table.natdc.*",
                        "aws_subnet.natdc.*"
                    ],
                    "primary": {
                        "id": "rtbassoc-8bd2c8f0",
                        "attributes": {
                            "id": "rtbassoc-8bd2c8f0",
                            "route_table_id": "rtb-f75c748f",
                            "subnet_id": "subnet-f0377db8"
                        },
                        "meta": {},
                        "tainted": false
                    },
                    "deposed": [],
                    "provider": ""
                },
                "aws_route_table_association.natdc.2": {
                    "type": "aws_route_table_association",
                    "depends_on": [
                        "aws_route_table.natdc.*",
                        "aws_subnet.natdc.*"
                    ],
                    "primary": {
                        "id": "rtbassoc-d8dcc6a3",
                        "attributes": {
                            "id": "rtbassoc-d8dcc6a3",
                            "route_table_id": "rtb-e75d759f",
                            "subnet_id": "subnet-0362e959"
                        },
                        "meta": {},
                        "tainted": false
                    },
                    "deposed": [],
                    "provider": ""
                },
                "aws_route_table_association.natdc.3": {
                    "type": "aws_route_table_association",
                    "depends_on": [
                        "aws_route_table.natdc.*",
                        "aws_subnet.natdc.*"
                    ],
                    "primary": {
                        "id": "rtbassoc-9bd5cfe0",
                        "attributes": {
                            "id": "rtbassoc-9bd5cfe0",
                            "route_table_id": "rtb-6d476f15",
                            "subnet_id": "subnet-8f0c0fb3"
                        },
                        "meta": {},
                        "tainted": false
                    },
                    "deposed": [],
                    "provider": ""
                },
                "aws_route_table_association.natdc.4": {
                    "type": "aws_route_table_association",
                    "depends_on": [
                        "aws_route_table.natdc.*",
                        "aws_subnet.natdc.*"
                    ],
                    "primary": {
                        "id": "rtbassoc-6ed0ca15",
                        "attributes": {
                            "id": "rtbassoc-6ed0ca15",
                            "route_table_id": "rtb-90547ce8",
                            "subnet_id": "subnet-2922c34d"
                        },
                        "meta": {},
                        "tainted": false
                    },
                    "deposed": [],
                    "provider": ""
                },
                "aws_route_table_association.private.0": {
                    "type": "aws_route_table_association",
                    "depends_on": [
                        "aws_route_table.private",
                        "aws_subnet.private.*"
                    ],
                    "primary": {
                        "id": "rtbassoc-42d1cb39",
                        "attributes": {
                            "id": "rtbassoc-42d1cb39",
                            "route_table_id": "rtb-695c7411",
                            "subnet_id": "subnet-e325c487"
                        },
                        "meta": {},
                        "tainted": false
                    },
                    "deposed": [],
                    "provider": ""
                },
                "aws_route_table_association.private.1": {
                    "type": "aws_route_table_association",
                    "depends_on": [
                        "aws_route_table.private",
                        "aws_subnet.private.*"
                    ],
                    "primary": {
                        "id": "rtbassoc-12dfc569",
                        "attributes": {
                            "id": "rtbassoc-12dfc569",
                            "route_table_id": "rtb-695c7411",
                            "subnet_id": "subnet-25a13209"
                        },
                        "meta": {},
                        "tainted": false
                    },
                    "deposed": [],
                    "provider": ""
                },
                "aws_route_table_association.private.2": {
                    "type": "aws_route_table_association",
                    "depends_on": [
                        "aws_route_table.private",
                        "aws_subnet.private.*"
                    ],
                    "primary": {
                        "id": "rtbassoc-26ddc75d",
                        "attributes": {
                            "id": "rtbassoc-26ddc75d",
                            "route_table_id": "rtb-695c7411",
                            "subnet_id": "subnet-2649036e"
                        },
                        "meta": {},
                        "tainted": false
                    },
                    "deposed": [],
                    "provider": ""
                },
                "aws_route_table_association.private.3": {
                    "type": "aws_route_table_association",
                    "depends_on": [
                        "aws_route_table.private",
                        "aws_subnet.private.*"
                    ],
                    "primary": {
                        "id": "rtbassoc-ebd7cd90",
                        "attributes": {
                            "id": "rtbassoc-ebd7cd90",
                            "route_table_id": "rtb-695c7411",
                            "subnet_id": "subnet-7a68e320"
                        },
                        "meta": {},
                        "tainted": false
                    },
                    "deposed": [],
                    "provider": ""
                },
                "aws_route_table_association.private.4": {
                    "type": "aws_route_table_association",
                    "depends_on": [
                        "aws_route_table.private",
                        "aws_subnet.private.*"
                    ],
                    "primary": {
                        "id": "rtbassoc-25ddc75e",
                        "attributes": {
                            "id": "rtbassoc-25ddc75e",
                            "route_table_id": "rtb-695c7411",
                            "subnet_id": "subnet-8e0c0fb2"
                        },
                        "meta": {},
                        "tainted": false
                    },
                    "deposed": [],
                    "provider": ""
                },
                "aws_route_table_association.public.0": {
                    "type": "aws_route_table_association",
                    "depends_on": [
                        "aws_route_table.public",
                        "aws_subnet.public.*"
                    ],
                    "primary": {
                        "id": "rtbassoc-11dfc56a",
                        "attributes": {
                            "id": "rtbassoc-11dfc56a",
                            "route_table_id": "rtb-b75179cf",
                            "subnet_id": "subnet-bd28c9d9"
                        },
                        "meta": {},
                        "tainted": false
                    },
                    "deposed": [],
                    "provider": ""
                },
                "aws_route_table_association.public.1": {
                    "type": "aws_route_table_association",
                    "depends_on": [
                        "aws_route_table.public",
                        "aws_subnet.public.*"
                    ],
                    "primary": {
                        "id": "rtbassoc-1ad6cc61",
                        "attributes": {
                            "id": "rtbassoc-1ad6cc61",
                            "route_table_id": "rtb-b75179cf",
                            "subnet_id": "subnet-10bf2c3c"
                        },
                        "meta": {},
                        "tainted": false
                    },
                    "deposed": [],
                    "provider": ""
                },
                "aws_route_table_association.public.2": {
                    "type": "aws_route_table_association",
                    "depends_on": [
                        "aws_route_table.public",
                        "aws_subnet.public.*"
                    ],
                    "primary": {
                        "id": "rtbassoc-3ed3c945",
                        "attributes": {
                            "id": "rtbassoc-3ed3c945",
                            "route_table_id": "rtb-b75179cf",
                            "subnet_id": "subnet-1b377d53"
                        },
                        "meta": {},
                        "tainted": false
                    },
                    "deposed": [],
                    "provider": ""
                },
                "aws_route_table_association.public.3": {
                    "type": "aws_route_table_association",
                    "depends_on": [
                        "aws_route_table.public",
                        "aws_subnet.public.*"
                    ],
                    "primary": {
                        "id": "rtbassoc-87cad0fc",
                        "attributes": {
                            "id": "rtbassoc-87cad0fc",
                            "route_table_id": "rtb-b75179cf",
                            "subnet_id": "subnet-e762e9bd"
                        },
                        "meta": {},
                        "tainted": false
                    },
                    "deposed": [],
                    "provider": ""
                },
                "aws_route_table_association.public.4": {
                    "type": "aws_route_table_association",
                    "depends_on": [
                        "aws_route_table.public",
                        "aws_subnet.public.*"
                    ],
                    "primary": {
                        "id": "rtbassoc-83d7cdf8",
                        "attributes": {
                            "id": "rtbassoc-83d7cdf8",
                            "route_table_id": "rtb-b75179cf",
                            "subnet_id": "subnet-1f161523"
                        },
                        "meta": {},
                        "tainted": false
                    },
                    "deposed": [],
                    "provider": ""
                },
                "aws_security_group.env_instance": {
                    "type": "aws_security_group",
                    "depends_on": [
                        "aws_vpc.main",
                        "data.aws_security_group.bastion"
                    ],
                    "primary": {
                        "id": "sg-4e83c93f",
                        "attributes": {
                            "description": "All instances within the evironment",
                            "egress.#": "0",
                            "id": "sg-4e83c93f",
                            "ingress.#": "2",
                            "ingress.2756050323.cidr_blocks.#": "0",
                            "ingress.2756050323.from_port": "8",
                            "ingress.2756050323.ipv6_cidr_blocks.#": "0",
                            "ingress.2756050323.protocol": "icmp",
                            "ingress.2756050323.security_groups.#": "1",
                            "ingress.2756050323.security_groups.164612455": "sg-f6733887",
                            "ingress.2756050323.self": "false",
                            "ingress.2756050323.to_port": "0",
                            "ingress.422650416.cidr_blocks.#": "0",
                            "ingress.422650416.from_port": "22",
                            "ingress.422650416.ipv6_cidr_blocks.#": "0",
                            "ingress.422650416.protocol": "tcp",
                            "ingress.422650416.security_groups.#": "1",
                            "ingress.422650416.security_groups.164612455": "sg-f6733887",
                            "ingress.422650416.self": "false",
                            "ingress.422650416.to_port": "22",
                            "name": "prod-jcx-instance",
                            "owner_id": "663559125979",
                            "tags.%": "5",
                            "tags.Name": "prod-jcx-instance",
                            "tags.account_name": "jive-microservices-prod",
                            "tags.pipeline_phase": "prod-jcx",
                            "tags.region": "us-east-1",
                            "tags.sla": "prod",
                            "vpc_id": "vpc-9d7ae1e4"
                        },
                        "meta": {},
                        "tainted": false
                    },
                    "deposed": [],
                    "provider": ""
                },
                "aws_subnet.natdc.0": {
                    "type": "aws_subnet",
                    "depends_on": [
                        "aws_vpc.main"
                    ],
                    "primary": {
                        "id": "subnet-2922c34d",
                        "attributes": {
                            "assign_ipv6_address_on_creation": "false",
                            "availability_zone": "us-east-1a",
                            "cidr_block": "10.125.112.0/23",
                            "id": "subnet-2922c34d",
                            "map_public_ip_on_launch": "false",
                            "tags.%": "7",
                            "tags.KubernetesCluster": "us-east-1_jive-microservices-prod-jcx",
                            "tags.Name": "prod-jcx-natdc-subnet",
                            "tags.account_name": "jive-microservices-prod",
                            "tags.kubernetes.io/role/internal-elb": "us-east-1_jive-microservices-prod-jcx",
                            "tags.pipeline_phase": "prod-jcx",
                            "tags.region": "us-east-1",
                            "tags.sla": "prod",
                            "vpc_id": "vpc-9d7ae1e4"
                        },
                        "meta": {
                            "schema_version": "1"
                        },
                        "tainted": false
                    },
                    "deposed": [],
                    "provider": ""
                },
                "aws_subnet.natdc.1": {
                    "type": "aws_subnet",
                    "depends_on": [
                        "aws_vpc.main"
                    ],
                    "primary": {
                        "id": "subnet-0bbd2e27",
                        "attributes": {
                            "assign_ipv6_address_on_creation": "false",
                            "availability_zone": "us-east-1b",
                            "cidr_block": "10.125.114.0/23",
                            "id": "subnet-0bbd2e27",
                            "map_public_ip_on_launch": "false",
                            "tags.%": "7",
                            "tags.KubernetesCluster": "us-east-1_jive-microservices-prod-jcx",
                            "tags.Name": "prod-jcx-natdc-subnet",
                            "tags.account_name": "jive-microservices-prod",
                            "tags.kubernetes.io/role/internal-elb": "us-east-1_jive-microservices-prod-jcx",
                            "tags.pipeline_phase": "prod-jcx",
                            "tags.region": "us-east-1",
                            "tags.sla": "prod",
                            "vpc_id": "vpc-9d7ae1e4"
                        },
                        "meta": {
                            "schema_version": "1"
                        },
                        "tainted": false
                    },
                    "deposed": [],
                    "provider": ""
                },
                "aws_subnet.natdc.2": {
                    "type": "aws_subnet",
                    "depends_on": [
                        "aws_vpc.main"
                    ],
                    "primary": {
                        "id": "subnet-f0377db8",
                        "attributes": {
                            "assign_ipv6_address_on_creation": "false",
                            "availability_zone": "us-east-1c",
                            "cidr_block": "10.125.116.0/23",
                            "id": "subnet-f0377db8",
                            "map_public_ip_on_launch": "false",
                            "tags.%": "7",
                            "tags.KubernetesCluster": "us-east-1_jive-microservices-prod-jcx",
                            "tags.Name": "prod-jcx-natdc-subnet",
                            "tags.account_name": "jive-microservices-prod",
                            "tags.kubernetes.io/role/internal-elb": "us-east-1_jive-microservices-prod-jcx",
                            "tags.pipeline_phase": "prod-jcx",
                            "tags.region": "us-east-1",
                            "tags.sla": "prod",
                            "vpc_id": "vpc-9d7ae1e4"
                        },
                        "meta": {
                            "schema_version": "1"
                        },
                        "tainted": false
                    },
                    "deposed": [],
                    "provider": ""
                },
                "aws_subnet.natdc.3": {
                    "type": "aws_subnet",
                    "depends_on": [
                        "aws_vpc.main"
                    ],
                    "primary": {
                        "id": "subnet-0362e959",
                        "attributes": {
                            "assign_ipv6_address_on_creation": "false",
                            "availability_zone": "us-east-1d",
                            "cidr_block": "10.125.118.0/23",
                            "id": "subnet-0362e959",
                            "map_public_ip_on_launch": "false",
                            "tags.%": "7",
                            "tags.KubernetesCluster": "us-east-1_jive-microservices-prod-jcx",
                            "tags.Name": "prod-jcx-natdc-subnet",
                            "tags.account_name": "jive-microservices-prod",
                            "tags.kubernetes.io/role/internal-elb": "us-east-1_jive-microservices-prod-jcx",
                            "tags.pipeline_phase": "prod-jcx",
                            "tags.region": "us-east-1",
                            "tags.sla": "prod",
                            "vpc_id": "vpc-9d7ae1e4"
                        },
                        "meta": {
                            "schema_version": "1"
                        },
                        "tainted": false
                    },
                    "deposed": [],
                    "provider": ""
                },
                "aws_subnet.natdc.4": {
                    "type": "aws_subnet",
                    "depends_on": [
                        "aws_vpc.main"
                    ],
                    "primary": {
                        "id": "subnet-8f0c0fb3",
                        "attributes": {
                            "assign_ipv6_address_on_creation": "false",
                            "availability_zone": "us-east-1e",
                            "cidr_block": "10.125.120.0/23",
                            "id": "subnet-8f0c0fb3",
                            "map_public_ip_on_launch": "false",
                            "tags.%": "7",
                            "tags.KubernetesCluster": "us-east-1_jive-microservices-prod-jcx",
                            "tags.Name": "prod-jcx-natdc-subnet",
                            "tags.account_name": "jive-microservices-prod",
                            "tags.kubernetes.io/role/internal-elb": "us-east-1_jive-microservices-prod-jcx",
                            "tags.pipeline_phase": "prod-jcx",
                            "tags.region": "us-east-1",
                            "tags.sla": "prod",
                            "vpc_id": "vpc-9d7ae1e4"
                        },
                        "meta": {
                            "schema_version": "1"
                        },
                        "tainted": false
                    },
                    "deposed": [],
                    "provider": ""
                },
                "aws_subnet.private.0": {
                    "type": "aws_subnet",
                    "depends_on": [
                        "aws_vpc.main"
                    ],
                    "primary": {
                        "id": "subnet-e325c487",
                        "attributes": {
                            "assign_ipv6_address_on_creation": "false",
                            "availability_zone": "us-east-1a",
                            "cidr_block": "10.125.124.128/25",
                            "id": "subnet-e325c487",
                            "map_public_ip_on_launch": "false",
                            "tags.%": "5",
                            "tags.Name": "prod-jcx-private-subnet",
                            "tags.account_name": "jive-microservices-prod",
                            "tags.pipeline_phase": "prod-jcx",
                            "tags.region": "us-east-1",
                            "tags.sla": "prod",
                            "vpc_id": "vpc-9d7ae1e4"
                        },
                        "meta": {
                            "schema_version": "1"
                        },
                        "tainted": false
                    },
                    "deposed": [],
                    "provider": ""
                },
                "aws_subnet.private.1": {
                    "type": "aws_subnet",
                    "depends_on": [
                        "aws_vpc.main"
                    ],
                    "primary": {
                        "id": "subnet-25a13209",
                        "attributes": {
                            "assign_ipv6_address_on_creation": "false",
                            "availability_zone": "us-east-1b",
                            "cidr_block": "10.125.125.0/25",
                            "id": "subnet-25a13209",
                            "map_public_ip_on_launch": "false",
                            "tags.%": "5",
                            "tags.Name": "prod-jcx-private-subnet",
                            "tags.account_name": "jive-microservices-prod",
                            "tags.pipeline_phase": "prod-jcx",
                            "tags.region": "us-east-1",
                            "tags.sla": "prod",
                            "vpc_id": "vpc-9d7ae1e4"
                        },
                        "meta": {
                            "schema_version": "1"
                        },
                        "tainted": false
                    },
                    "deposed": [],
                    "provider": ""
                },
                "aws_subnet.private.2": {
                    "type": "aws_subnet",
                    "depends_on": [
                        "aws_vpc.main"
                    ],
                    "primary": {
                        "id": "subnet-2649036e",
                        "attributes": {
                            "assign_ipv6_address_on_creation": "false",
                            "availability_zone": "us-east-1c",
                            "cidr_block": "10.125.125.128/25",
                            "id": "subnet-2649036e",
                            "map_public_ip_on_launch": "false",
                            "tags.%": "5",
                            "tags.Name": "prod-jcx-private-subnet",
                            "tags.account_name": "jive-microservices-prod",
                            "tags.pipeline_phase": "prod-jcx",
                            "tags.region": "us-east-1",
                            "tags.sla": "prod",
                            "vpc_id": "vpc-9d7ae1e4"
                        },
                        "meta": {
                            "schema_version": "1"
                        },
                        "tainted": false
                    },
                    "deposed": [],
                    "provider": ""
                },
                "aws_subnet.private.3": {
                    "type": "aws_subnet",
                    "depends_on": [
                        "aws_vpc.main"
                    ],
                    "primary": {
                        "id": "subnet-7a68e320",
                        "attributes": {
                            "assign_ipv6_address_on_creation": "false",
                            "availability_zone": "us-east-1d",
                            "cidr_block": "10.125.126.0/25",
                            "id": "subnet-7a68e320",
                            "map_public_ip_on_launch": "false",
                            "tags.%": "5",
                            "tags.Name": "prod-jcx-private-subnet",
                            "tags.account_name": "jive-microservices-prod",
                            "tags.pipeline_phase": "prod-jcx",
                            "tags.region": "us-east-1",
                            "tags.sla": "prod",
                            "vpc_id": "vpc-9d7ae1e4"
                        },
                        "meta": {
                            "schema_version": "1"
                        },
                        "tainted": false
                    },
                    "deposed": [],
                    "provider": ""
                },
                "aws_subnet.private.4": {
                    "type": "aws_subnet",
                    "depends_on": [
                        "aws_vpc.main"
                    ],
                    "primary": {
                        "id": "subnet-8e0c0fb2",
                        "attributes": {
                            "assign_ipv6_address_on_creation": "false",
                            "availability_zone": "us-east-1e",
                            "cidr_block": "10.125.126.128/25",
                            "id": "subnet-8e0c0fb2",
                            "map_public_ip_on_launch": "false",
                            "tags.%": "5",
                            "tags.Name": "prod-jcx-private-subnet",
                            "tags.account_name": "jive-microservices-prod",
                            "tags.pipeline_phase": "prod-jcx",
                            "tags.region": "us-east-1",
                            "tags.sla": "prod",
                            "vpc_id": "vpc-9d7ae1e4"
                        },
                        "meta": {
                            "schema_version": "1"
                        },
                        "tainted": false
                    },
                    "deposed": [],
                    "provider": ""
                },
                "aws_subnet.public.0": {
                    "type": "aws_subnet",
                    "depends_on": [
                        "aws_vpc.main"
                    ],
                    "primary": {
                        "id": "subnet-bd28c9d9",
                        "attributes": {
                            "assign_ipv6_address_on_creation": "false",
                            "availability_zone": "us-east-1a",
                            "cidr_block": "10.125.122.0/25",
                            "id": "subnet-bd28c9d9",
                            "map_public_ip_on_launch": "false",
                            "tags.%": "6",
                            "tags.KubernetesCluster": "us-east-1_jive-microservices-prod-jcx",
                            "tags.Name": "prod-jcx-public-subnet",
                            "tags.account_name": "jive-microservices-prod",
                            "tags.pipeline_phase": "prod-jcx",
                            "tags.region": "us-east-1",
                            "tags.sla": "prod",
                            "vpc_id": "vpc-9d7ae1e4"
                        },
                        "meta": {
                            "schema_version": "1"
                        },
                        "tainted": false
                    },
                    "deposed": [],
                    "provider": ""
                },
                "aws_subnet.public.1": {
                    "type": "aws_subnet",
                    "depends_on": [
                        "aws_vpc.main"
                    ],
                    "primary": {
                        "id": "subnet-10bf2c3c",
                        "attributes": {
                            "assign_ipv6_address_on_creation": "false",
                            "availability_zone": "us-east-1b",
                            "cidr_block": "10.125.122.128/25",
                            "id": "subnet-10bf2c3c",
                            "map_public_ip_on_launch": "false",
                            "tags.%": "6",
                            "tags.KubernetesCluster": "us-east-1_jive-microservices-prod-jcx",
                            "tags.Name": "prod-jcx-public-subnet",
                            "tags.account_name": "jive-microservices-prod",
                            "tags.pipeline_phase": "prod-jcx",
                            "tags.region": "us-east-1",
                            "tags.sla": "prod",
                            "vpc_id": "vpc-9d7ae1e4"
                        },
                        "meta": {
                            "schema_version": "1"
                        },
                        "tainted": false
                    },
                    "deposed": [],
                    "provider": ""
                },
                "aws_subnet.public.2": {
                    "type": "aws_subnet",
                    "depends_on": [
                        "aws_vpc.main"
                    ],
                    "primary": {
                        "id": "subnet-1b377d53",
                        "attributes": {
                            "assign_ipv6_address_on_creation": "false",
                            "availability_zone": "us-east-1c",
                            "cidr_block": "10.125.123.0/25",
                            "id": "subnet-1b377d53",
                            "map_public_ip_on_launch": "false",
                            "tags.%": "6",
                            "tags.KubernetesCluster": "us-east-1_jive-microservices-prod-jcx",
                            "tags.Name": "prod-jcx-public-subnet",
                            "tags.account_name": "jive-microservices-prod",
                            "tags.pipeline_phase": "prod-jcx",
                            "tags.region": "us-east-1",
                            "tags.sla": "prod",
                            "vpc_id": "vpc-9d7ae1e4"
                        },
                        "meta": {
                            "schema_version": "1"
                        },
                        "tainted": false
                    },
                    "deposed": [],
                    "provider": ""
                },
                "aws_subnet.public.3": {
                    "type": "aws_subnet",
                    "depends_on": [
                        "aws_vpc.main"
                    ],
                    "primary": {
                        "id": "subnet-e762e9bd",
                        "attributes": {
                            "assign_ipv6_address_on_creation": "false",
                            "availability_zone": "us-east-1d",
                            "cidr_block": "10.125.123.128/25",
                            "id": "subnet-e762e9bd",
                            "map_public_ip_on_launch": "false",
                            "tags.%": "6",
                            "tags.KubernetesCluster": "us-east-1_jive-microservices-prod-jcx",
                            "tags.Name": "prod-jcx-public-subnet",
                            "tags.account_name": "jive-microservices-prod",
                            "tags.pipeline_phase": "prod-jcx",
                            "tags.region": "us-east-1",
                            "tags.sla": "prod",
                            "vpc_id": "vpc-9d7ae1e4"
                        },
                        "meta": {
                            "schema_version": "1"
                        },
                        "tainted": false
                    },
                    "deposed": [],
                    "provider": ""
                },
                "aws_subnet.public.4": {
                    "type": "aws_subnet",
                    "depends_on": [
                        "aws_vpc.main"
                    ],
                    "primary": {
                        "id": "subnet-1f161523",
                        "attributes": {
                            "assign_ipv6_address_on_creation": "false",
                            "availability_zone": "us-east-1e",
                            "cidr_block": "10.125.124.0/25",
                            "id": "subnet-1f161523",
                            "map_public_ip_on_launch": "false",
                            "tags.%": "6",
                            "tags.KubernetesCluster": "us-east-1_jive-microservices-prod-jcx",
                            "tags.Name": "prod-jcx-public-subnet",
                            "tags.account_name": "jive-microservices-prod",
                            "tags.pipeline_phase": "prod-jcx",
                            "tags.region": "us-east-1",
                            "tags.sla": "prod",
                            "vpc_id": "vpc-9d7ae1e4"
                        },
                        "meta": {
                            "schema_version": "1"
                        },
                        "tainted": false
                    },
                    "deposed": [],
                    "provider": ""
                },
                "aws_vpc.main": {
                    "type": "aws_vpc",
                    "depends_on": [],
                    "primary": {
                        "id": "vpc-9d7ae1e4",
                        "attributes": {
                            "assign_generated_ipv6_cidr_block": "false",
                            "cidr_block": "10.125.112.0/20",
                            "default_network_acl_id": "acl-da8984a3",
                            "default_route_table_id": "rtb-e0527a98",
                            "default_security_group_id": "sg-0d8ac07c",
                            "dhcp_options_id": "dopt-a6abfdc3",
                            "enable_classiclink": "false",
                            "enable_dns_hostnames": "true",
                            "enable_dns_support": "true",
                            "id": "vpc-9d7ae1e4",
                            "instance_tenancy": "default",
                            "main_route_table_id": "rtb-e0527a98",
                            "tags.%": "5",
                            "tags.Name": "prod-jcx-vpc",
                            "tags.account_name": "jive-microservices-prod",
                            "tags.pipeline_phase": "prod-jcx",
                            "tags.region": "us-east-1",
                            "tags.sla": "prod"
                        },
                        "meta": {
                            "schema_version": "1"
                        },
                        "tainted": false
                    },
                    "deposed": [],
                    "provider": ""
                },
                "aws_vpc_peering_connection.data_brewprod": {
                    "type": "aws_vpc_peering_connection",
                    "depends_on": [
                        "aws_vpc.main"
                    ],
                    "primary": {
                        "id": "pcx-2afc8f43",
                        "attributes": {
                            "accept_status": "pending-acceptance",
                            "accepter.#": "0",
                            "id": "pcx-2afc8f43",
                            "peer_owner_id": "409573287771",
                            "peer_vpc_id": "vpc-3ea63947",
                            "requester.#": "1",
                            "requester.3244290774.allow_classic_link_to_remote_vpc": "false",
                            "requester.3244290774.allow_remote_vpc_dns_resolution": "false",
                            "requester.3244290774.allow_vpc_to_remote_classic_link": "false",
                            "tags.%": "5",
                            "tags.Name": "prod-jcx_to_data_account_brewprod",
                            "tags.account_name": "jive-microservices-prod",
                            "tags.pipeline_phase": "prod-jcx",
                            "tags.region": "us-east-1",
                            "tags.sla": "prod",
                            "vpc_id": "vpc-9d7ae1e4"
                        },
                        "meta": {},
                        "tainted": false
                    },
                    "deposed": [],
                    "provider": ""
                },
                "aws_vpc_peering_connection.data_jcx_prod": {
                    "type": "aws_vpc_peering_connection",
                    "depends_on": [
                        "aws_vpc.main"
                    ],
                    "primary": {
                        "id": "pcx-3fe99a56",
                        "attributes": {
                            "accept_status": "pending-acceptance",
                            "accepter.#": "0",
                            "id": "pcx-3fe99a56",
                            "peer_owner_id": "467524913882",
                            "peer_vpc_id": "vpc-4da13e34",
                            "requester.#": "1",
                            "requester.3244290774.allow_classic_link_to_remote_vpc": "false",
                            "requester.3244290774.allow_remote_vpc_dns_resolution": "false",
                            "requester.3244290774.allow_vpc_to_remote_classic_link": "false",
                            "tags.%": "5",
                            "tags.Name": "prod-jcx_to_data_account_prod",
                            "tags.account_name": "jive-microservices-prod",
                            "tags.pipeline_phase": "prod-jcx",
                            "tags.region": "us-east-1",
                            "tags.sla": "prod",
                            "vpc_id": "vpc-9d7ae1e4"
                        },
                        "meta": {},
                        "tainted": false
                    },
                    "deposed": [],
                    "provider": ""
                },
                "aws_vpc_peering_connection.infra": {
                    "type": "aws_vpc_peering_connection",
                    "depends_on": [
                        "aws_vpc.main"
                    ],
                    "primary": {
                        "id": "pcx-fcfd8d95",
                        "attributes": {
                            "accept_status": "active",
                            "accepter.#": "1",
                            "accepter.3244290774.allow_classic_link_to_remote_vpc": "false",
                            "accepter.3244290774.allow_remote_vpc_dns_resolution": "false",
                            "accepter.3244290774.allow_vpc_to_remote_classic_link": "false",
                            "auto_accept": "true",
                            "id": "pcx-fcfd8d95",
                            "peer_owner_id": "663559125979",
                            "peer_vpc_id": "vpc-1d980364",
                            "requester.#": "1",
                            "requester.3244290774.allow_classic_link_to_remote_vpc": "false",
                            "requester.3244290774.allow_remote_vpc_dns_resolution": "false",
                            "requester.3244290774.allow_vpc_to_remote_classic_link": "false",
                            "tags.%": "5",
                            "tags.Name": "prod-jcx_to_infra-jive-microservices-prod",
                            "tags.account_name": "jive-microservices-prod",
                            "tags.pipeline_phase": "prod-jcx",
                            "tags.region": "us-east-1",
                            "tags.sla": "prod",
                            "vpc_id": "vpc-9d7ae1e4"
                        },
                        "meta": {},
                        "tainted": false
                    },
                    "deposed": [],
                    "provider": ""
                },
                "aws_vpc_peering_connection.reco_brewprod": {
                    "type": "aws_vpc_peering_connection",
                    "depends_on": [
                        "aws_vpc.main"
                    ],
                    "primary": {
                        "id": "pcx-fde09394",
                        "attributes": {
                            "accept_status": "pending-acceptance",
                            "accepter.#": "0",
                            "id": "pcx-fde09394",
                            "peer_owner_id": "549229563172",
                            "peer_vpc_id": "vpc-a976ebd0",
                            "requester.#": "1",
                            "requester.3244290774.allow_classic_link_to_remote_vpc": "false",
                            "requester.3244290774.allow_remote_vpc_dns_resolution": "false",
                            "requester.3244290774.allow_vpc_to_remote_classic_link": "false",
                            "tags.%": "5",
                            "tags.Name": "prod-jcx_to_reco_account_brewprod",
                            "tags.account_name": "jive-microservices-prod",
                            "tags.pipeline_phase": "prod-jcx",
                            "tags.region": "us-east-1",
                            "tags.sla": "prod",
                            "vpc_id": "vpc-9d7ae1e4"
                        },
                        "meta": {},
                        "tainted": false
                    },
                    "deposed": [],
                    "provider": ""
                },
                "aws_vpc_peering_connection.reco_prod": {
                    "type": "aws_vpc_peering_connection",
                    "depends_on": [
                        "aws_vpc.main"
                    ],
                    "primary": {
                        "id": "pcx-38eb9851",
                        "attributes": {
                            "accept_status": "pending-acceptance",
                            "accepter.#": "0",
                            "id": "pcx-38eb9851",
                            "peer_owner_id": "870846026232",
                            "peer_vpc_id": "vpc-0175e878",
                            "requester.#": "1",
                            "requester.3244290774.allow_classic_link_to_remote_vpc": "false",
                            "requester.3244290774.allow_remote_vpc_dns_resolution": "false",
                            "requester.3244290774.allow_vpc_to_remote_classic_link": "false",
                            "tags.%": "5",
                            "tags.Name": "prod-jcx_to_reco_account_prod",
                            "tags.account_name": "jive-microservices-prod",
                            "tags.pipeline_phase": "prod-jcx",
                            "tags.region": "us-east-1",
                            "tags.sla": "prod",
                            "vpc_id": "vpc-9d7ae1e4"
                        },
                        "meta": {},
                        "tainted": false
                    },
                    "deposed": [],
                    "provider": ""
                },
                "aws_vpn_gateway.vgw": {
                    "type": "aws_vpn_gateway",
                    "depends_on": [
                        "aws_vpc.main"
                    ],
                    "primary": {
                        "id": "vgw-be8e65d7",
                        "attributes": {
                            "id": "vgw-be8e65d7",
                            "tags.%": "7",
                            "tags.Name": "prod-jcx-vgw",
                            "tags.account_name": "jive-microservices-prod",
                            "tags.jive_service": "infrastructure",
                            "tags.pipeline_phase": "prod-jcx",
                            "tags.region": "us-east-1",
                            "tags.service_component": "vpn_gateway",
                            "tags.sla": "prod",
                            "vpc_id": "vpc-9d7ae1e4"
                        },
                        "meta": {},
                        "tainted": false
                    },
                    "deposed": [],
                    "provider": ""
                },
                "data.aws_security_group.bastion": {
                    "type": "aws_security_group",
                    "depends_on": [],
                    "primary": {
                        "id": "sg-f6733887",
                        "attributes": {
                            "filter.#": "1",
                            "filter.1988431066.name": "tag:jive_service",
                            "filter.1988431066.values.#": "1",
                            "filter.1988431066.values.2480389212": "infrastructure",
                            "id": "sg-f6733887",
                            "name": "infra-prod-jive-phx-dc",
                            "tags.%": "6",
                            "tags.Name": "infra-prod-jive-phx-dc",
                            "tags.account_name": "jive-microservices-prod",
                            "tags.jive_service": "infrastructure",
                            "tags.pipeline_phase": "infra-prod",
                            "tags.region": "us-east-1",
                            "tags.sla": "prod",
                            "vpc_id": "vpc-1d980364"
                        },
                        "meta": {},
                        "tainted": false
                    },
                    "deposed": [],
                    "provider": ""
                }
            },
            "depends_on": []
        }
    ]
}
