{
    "version": 3,
    "terraform_version": "0.9.2",
    "serial": 18,
    "lineage": "102013a0-9893-4f8c-b0ea-e7848952434f",
    "modules": [
        {
            "path": [
                "root"
            ],
            "outputs": {},
            "resources": {
                "aws_autoscaling_group.bastion": {
                    "type": "aws_autoscaling_group",
                    "depends_on": [
                        "aws_launch_configuration.bastion",
                        "aws_launch_configuration.bastion",
                        "aws_subnet.natdc"
                    ],
                    "primary": {
                        "id": "infra-pipeline-bastion-asg-terraform-00625200e3b559bc86234d76fb",
                        "attributes": {
                            "arn": "arn:aws:autoscaling:us-west-2:642745549043:autoScalingGroup:a941ed88-d8c3-4e1f-a19a-872e22b14298:autoScalingGroupName/infra-pipeline-bastion-asg-terraform-00625200e3b559bc86234d76fb",
                            "availability_zones.#": "1",
                            "availability_zones.2487133097": "us-west-2a",
                            "default_cooldown": "300",
                            "desired_capacity": "1",
                            "force_delete": "false",
                            "health_check_grace_period": "300",
                            "health_check_type": "EC2",
                            "id": "infra-pipeline-bastion-asg-terraform-00625200e3b559bc86234d76fb",
                            "launch_configuration": "terraform-00625200e3b559bc86234d76fb",
                            "load_balancers.#": "0",
                            "max_size": "1",
                            "metrics_granularity": "1Minute",
                            "min_size": "1",
                            "name": "infra-pipeline-bastion-asg-terraform-00625200e3b559bc86234d76fb",
                            "placement_group": "",
                            "protect_from_scale_in": "false",
                            "suspended_processes.#": "0",
                            "tag.#": "8",
                            "tag.1907427875.key": "pipeline_phase",
                            "tag.1907427875.propagate_at_launch": "true",
                            "tag.1907427875.value": "infra-pipeline",
                            "tag.2005627539.key": "region",
                            "tag.2005627539.propagate_at_launch": "true",
                            "tag.2005627539.value": "us-west-2",
                            "tag.2220074062.key": "sla",
                            "tag.2220074062.propagate_at_launch": "true",
                            "tag.2220074062.value": "non-prod",
                            "tag.2734052481.key": "service_component",
                            "tag.2734052481.propagate_at_launch": "true",
                            "tag.2734052481.value": "bastion",
                            "tag.2916781153.key": "bastionip",
                            "tag.2916781153.propagate_at_launch": "true",
                            "tag.2916781153.value": "10.127.48.7",
                            "tag.308895419.key": "account_name",
                            "tag.308895419.propagate_at_launch": "true",
                            "tag.308895419.value": "jive-reco-pipeline",
                            "tag.3357193003.key": "Name",
                            "tag.3357193003.propagate_at_launch": "true",
                            "tag.3357193003.value": "infra-pipeline-bastion-instance",
                            "tag.853938758.key": "jive_service",
                            "tag.853938758.propagate_at_launch": "true",
                            "tag.853938758.value": "infrastructure",
                            "target_group_arns.#": "0",
                            "termination_policies.#": "0",
                            "vpc_zone_identifier.#": "1",
                            "vpc_zone_identifier.1826522604": "subnet-a3c06ac7",
                            "wait_for_capacity_timeout": "10m"
                        },
                        "meta": {},
                        "tainted": false
                    },
                    "deposed": [],
                    "provider": ""
                },
                "aws_eip.natgw.0": {
                    "type": "aws_eip",
                    "depends_on": [],
                    "primary": {
                        "id": "eipalloc-e6f39482",
                        "attributes": {
                            "association_id": "eipassoc-f6aed2cc",
                            "domain": "vpc",
                            "id": "eipalloc-e6f39482",
                            "instance": "",
                            "network_interface": "eni-d52f3efd",
                            "private_ip": "10.127.48.117",
                            "public_ip": "52.39.226.11",
                            "vpc": "true"
                        },
                        "meta": {},
                        "tainted": false
                    },
                    "deposed": [],
                    "provider": ""
                },
                "aws_eip.natgw.1": {
                    "type": "aws_eip",
                    "depends_on": [],
                    "primary": {
                        "id": "eipalloc-b6ef778c",
                        "attributes": {
                            "association_id": "eipassoc-80add1ba",
                            "domain": "vpc",
                            "id": "eipalloc-b6ef778c",
                            "instance": "",
                            "network_interface": "eni-0ae6d730",
                            "private_ip": "10.127.48.152",
                            "public_ip": "35.160.216.122",
                            "vpc": "true"
                        },
                        "meta": {},
                        "tainted": false
                    },
                    "deposed": [],
                    "provider": ""
                },
                "aws_eip.natgw.2": {
                    "type": "aws_eip",
                    "depends_on": [],
                    "primary": {
                        "id": "eipalloc-09ef7733",
                        "attributes": {
                            "association_id": "eipassoc-dab3cfe0",
                            "domain": "vpc",
                            "id": "eipalloc-09ef7733",
                            "instance": "",
                            "network_interface": "eni-d1c682dd",
                            "private_ip": "10.127.48.189",
                            "public_ip": "52.40.134.196",
                            "vpc": "true"
                        },
                        "meta": {},
                        "tainted": false
                    },
                    "deposed": [],
                    "provider": ""
                },
                "aws_internet_gateway.igw": {
                    "type": "aws_internet_gateway",
                    "depends_on": [
                        "aws_vpc.main"
                    ],
                    "primary": {
                        "id": "igw-59c8f03c",
                        "attributes": {
                            "id": "igw-59c8f03c",
                            "tags.%": "5",
                            "tags.Name": "infra-pipeline-igw",
                            "tags.account_name": "jive-reco-pipeline",
                            "tags.pipeline_phase": "infra-pipeline",
                            "tags.region": "us-west-2",
                            "tags.sla": "non-prod",
                            "vpc_id": "vpc-c9bd12ad"
                        },
                        "meta": {},
                        "tainted": false
                    },
                    "deposed": [],
                    "provider": ""
                },
                "aws_launch_configuration.bastion": {
                    "type": "aws_launch_configuration",
                    "depends_on": [],
                    "primary": {
                        "id": "terraform-00625200e3b559bc86234d76fb",
                        "attributes": {
                            "associate_public_ip_address": "false",
                            "ebs_optimized": "false",
                            "enable_monitoring": "true",
                            "iam_instance_profile": "eni-attach-profile",
                            "id": "terraform-00625200e3b559bc86234d76fb",
                            "image_id": "ami-d2c924b2",
                            "instance_type": "t2.medium",
                            "key_name": "reco-pipeline",
                            "name": "terraform-00625200e3b559bc86234d76fb",
                            "root_block_device.#": "1",
                            "root_block_device.0.delete_on_termination": "true",
                            "root_block_device.0.iops": "0",
                            "root_block_device.0.volume_size": "25",
                            "root_block_device.0.volume_type": "",
                            "security_groups.#": "1",
                            "security_groups.2288819463": "sg-fa383c9d",
                            "spot_price": "",
                            "user_data": "b2891e6e797f61bf58ae214a6e18815bb9fc9f86",
                            "vpc_classic_link_id": "",
                            "vpc_classic_link_security_groups.#": "0"
                        },
                        "meta": {},
                        "tainted": false
                    },
                    "deposed": [],
                    "provider": ""
                },
                "aws_nat_gateway.natgw.0": {
                    "type": "aws_nat_gateway",
                    "depends_on": [
                        "aws_eip.natgw.*",
                        "aws_internet_gateway.igw",
                        "aws_subnet.public.*"
                    ],
                    "primary": {
                        "id": "nat-0debb70d2bdb13da8",
                        "attributes": {
                            "allocation_id": "eipalloc-e6f39482",
                            "id": "nat-0debb70d2bdb13da8",
                            "network_interface_id": "eni-d52f3efd",
                            "private_ip": "10.127.48.117",
                            "public_ip": "52.39.226.11",
                            "subnet_id": "subnet-a1c06ac5"
                        },
                        "meta": {},
                        "tainted": false
                    },
                    "deposed": [],
                    "provider": ""
                },
                "aws_nat_gateway.natgw.1": {
                    "type": "aws_nat_gateway",
                    "depends_on": [
                        "aws_eip.natgw.*",
                        "aws_internet_gateway.igw",
                        "aws_subnet.public.*"
                    ],
                    "primary": {
                        "id": "nat-0d61e529f1049fc55",
                        "attributes": {
                            "allocation_id": "eipalloc-b6ef778c",
                            "id": "nat-0d61e529f1049fc55",
                            "network_interface_id": "eni-0ae6d730",
                            "private_ip": "10.127.48.152",
                            "public_ip": "35.160.216.122",
                            "subnet_id": "subnet-a763afd1"
                        },
                        "meta": {},
                        "tainted": false
                    },
                    "deposed": [],
                    "provider": ""
                },
                "aws_nat_gateway.natgw.2": {
                    "type": "aws_nat_gateway",
                    "depends_on": [
                        "aws_eip.natgw.*",
                        "aws_internet_gateway.igw",
                        "aws_subnet.public.*"
                    ],
                    "primary": {
                        "id": "nat-06f1d74cd0ba0a992",
                        "attributes": {
                            "allocation_id": "eipalloc-09ef7733",
                            "id": "nat-06f1d74cd0ba0a992",
                            "network_interface_id": "eni-d1c682dd",
                            "private_ip": "10.127.48.189",
                            "public_ip": "52.40.134.196",
                            "subnet_id": "subnet-468c931f"
                        },
                        "meta": {},
                        "tainted": false
                    },
                    "deposed": [],
                    "provider": ""
                },
                "aws_network_interface.bastion": {
                    "type": "aws_network_interface",
                    "depends_on": [
                        "aws_security_group.jive_phx_dc",
                        "aws_subnet.natdc"
                    ],
                    "primary": {
                        "id": "eni-6d2fc817",
                        "attributes": {
                            "attachment.#": "1",
                            "attachment.2175282589.attachment_id": "eni-attach-b4b4525d",
                            "attachment.2175282589.device_index": "1",
                            "attachment.2175282589.instance": "i-03d05e2d67326f304",
                            "description": "",
                            "id": "eni-6d2fc817",
                            "private_ips.#": "1",
                            "private_ips.1463666732": "10.127.48.7",
                            "security_groups.#": "1",
                            "security_groups.2288819463": "sg-fa383c9d",
                            "source_dest_check": "true",
                            "subnet_id": "subnet-a3c06ac7",
                            "tags.%": "7",
                            "tags.Name": "infra-pipeline-bastion-instance",
                            "tags.account_name": "jive-reco-pipeline",
                            "tags.jive_service": "infrastructure",
                            "tags.pipeline_phase": "infra-pipeline",
                            "tags.region": "us-west-2",
                            "tags.service_component": "bastion",
                            "tags.sla": "non-prod"
                        },
                        "meta": {},
                        "tainted": false
                    },
                    "deposed": [],
                    "provider": ""
                },
                "aws_route53_record.bastion": {
                    "type": "aws_route53_record",
                    "depends_on": [],
                    "primary": {
                        "id": "Z17UOFXP4LI2IE_bastion-us-west-2-jive-reco-pipeline_A",
                        "attributes": {
                            "fqdn": "bastion-us-west-2-jive-reco-pipeline.jiveprivate.com",
                            "health_check_id": "",
                            "id": "Z17UOFXP4LI2IE_bastion-us-west-2-jive-reco-pipeline_A",
                            "name": "bastion-us-west-2-jive-reco-pipeline",
                            "records.#": "1",
                            "records.1463666732": "10.127.48.7",
                            "set_identifier": "",
                            "ttl": "60",
                            "type": "A",
                            "zone_id": "Z17UOFXP4LI2IE"
                        },
                        "meta": {
                            "schema_version": "2"
                        },
                        "tainted": false
                    },
                    "deposed": [],
                    "provider": ""
                },
                "aws_route53_zone_association.route53": {
                    "type": "aws_route53_zone_association",
                    "depends_on": [
                        "aws_vpc.main"
                    ],
                    "primary": {
                        "id": "Z17UOFXP4LI2IE:vpc-c9bd12ad",
                        "attributes": {
                            "id": "Z17UOFXP4LI2IE:vpc-c9bd12ad",
                            "vpc_id": "vpc-c9bd12ad",
                            "vpc_region": "us-west-2",
                            "zone_id": "Z17UOFXP4LI2IE"
                        },
                        "meta": {},
                        "tainted": false
                    },
                    "deposed": [],
                    "provider": ""
                },
                "aws_route_table.natdc.0": {
                    "type": "aws_route_table",
                    "depends_on": [
                        "aws_nat_gateway.natgw",
                        "aws_vpc.main",
                        "aws_vpn_gateway.vgw"
                    ],
                    "primary": {
                        "id": "rtb-6ae4730e",
                        "attributes": {
                            "id": "rtb-6ae4730e",
                            "propagating_vgws.#": "1",
                            "propagating_vgws.1519225575": "vgw-cbad74d5",
                            "route.#": "4",
                            "route.1387300565.cidr_block": "10.126.4.0/22",
                            "route.1387300565.egress_only_gateway_id": "",
                            "route.1387300565.gateway_id": "",
                            "route.1387300565.instance_id": "",
                            "route.1387300565.ipv6_cidr_block": "",
                            "route.1387300565.nat_gateway_id": "",
                            "route.1387300565.network_interface_id": "",
                            "route.1387300565.vpc_peering_connection_id": "pcx-dac77db3",
                            "route.304489673.cidr_block": "10.126.8.0/22",
                            "route.304489673.egress_only_gateway_id": "",
                            "route.304489673.gateway_id": "",
                            "route.304489673.instance_id": "",
                            "route.304489673.ipv6_cidr_block": "",
                            "route.304489673.nat_gateway_id": "",
                            "route.304489673.network_interface_id": "",
                            "route.304489673.vpc_peering_connection_id": "pcx-296ec440",
                            "route.3674832686.cidr_block": "10.126.0.0/22",
                            "route.3674832686.egress_only_gateway_id": "",
                            "route.3674832686.gateway_id": "",
                            "route.3674832686.instance_id": "",
                            "route.3674832686.ipv6_cidr_block": "",
                            "route.3674832686.nat_gateway_id": "",
                            "route.3674832686.network_interface_id": "",
                            "route.3674832686.vpc_peering_connection_id": "pcx-a669c3cf",
                            "route.3711693474.cidr_block": "0.0.0.0/0",
                            "route.3711693474.egress_only_gateway_id": "",
                            "route.3711693474.gateway_id": "",
                            "route.3711693474.instance_id": "",
                            "route.3711693474.ipv6_cidr_block": "",
                            "route.3711693474.nat_gateway_id": "nat-0d61e529f1049fc55",
                            "route.3711693474.network_interface_id": "",
                            "route.3711693474.vpc_peering_connection_id": "",
                            "tags.%": "5",
                            "tags.Name": "infra-pipeline-natdc-routetable",
                            "tags.account_name": "jive-reco-pipeline",
                            "tags.pipeline_phase": "infra-pipeline",
                            "tags.region": "us-west-2",
                            "tags.sla": "non-prod",
                            "vpc_id": "vpc-c9bd12ad"
                        },
                        "meta": {},
                        "tainted": false
                    },
                    "deposed": [],
                    "provider": ""
                },
                "aws_route_table.natdc.1": {
                    "type": "aws_route_table",
                    "depends_on": [
                        "aws_nat_gateway.natgw.*",
                        "aws_vpc.main",
                        "aws_vpn_gateway.vgw"
                    ],
                    "primary": {
                        "id": "rtb-f857889e",
                        "attributes": {
                            "id": "rtb-f857889e",
                            "propagating_vgws.#": "1",
                            "propagating_vgws.1519225575": "vgw-cbad74d5",
                            "route.#": "4",
                            "route.1387300565.cidr_block": "10.126.4.0/22",
                            "route.1387300565.egress_only_gateway_id": "",
                            "route.1387300565.gateway_id": "",
                            "route.1387300565.instance_id": "",
                            "route.1387300565.ipv6_cidr_block": "",
                            "route.1387300565.nat_gateway_id": "",
                            "route.1387300565.network_interface_id": "",
                            "route.1387300565.vpc_peering_connection_id": "pcx-dac77db3",
                            "route.304489673.cidr_block": "10.126.8.0/22",
                            "route.304489673.egress_only_gateway_id": "",
                            "route.304489673.gateway_id": "",
                            "route.304489673.instance_id": "",
                            "route.304489673.ipv6_cidr_block": "",
                            "route.304489673.nat_gateway_id": "",
                            "route.304489673.network_interface_id": "",
                            "route.304489673.vpc_peering_connection_id": "pcx-296ec440",
                            "route.3674832686.cidr_block": "10.126.0.0/22",
                            "route.3674832686.egress_only_gateway_id": "",
                            "route.3674832686.gateway_id": "",
                            "route.3674832686.instance_id": "",
                            "route.3674832686.ipv6_cidr_block": "",
                            "route.3674832686.nat_gateway_id": "",
                            "route.3674832686.network_interface_id": "",
                            "route.3674832686.vpc_peering_connection_id": "pcx-a669c3cf",
                            "route.3711693474.cidr_block": "0.0.0.0/0",
                            "route.3711693474.egress_only_gateway_id": "",
                            "route.3711693474.gateway_id": "",
                            "route.3711693474.instance_id": "",
                            "route.3711693474.ipv6_cidr_block": "",
                            "route.3711693474.nat_gateway_id": "nat-0d61e529f1049fc55",
                            "route.3711693474.network_interface_id": "",
                            "route.3711693474.vpc_peering_connection_id": "",
                            "tags.%": "5",
                            "tags.Name": "infra-pipeline-natdc-routetable",
                            "tags.account_name": "jive-reco-pipeline",
                            "tags.pipeline_phase": "infra-pipeline",
                            "tags.region": "us-west-2",
                            "tags.sla": "non-prod",
                            "vpc_id": "vpc-c9bd12ad"
                        },
                        "meta": {},
                        "tainted": false
                    },
                    "deposed": [],
                    "provider": ""
                },
                "aws_route_table.natdc.2": {
                    "type": "aws_route_table",
                    "depends_on": [
                        "aws_nat_gateway.natgw.*",
                        "aws_vpc.main",
                        "aws_vpn_gateway.vgw"
                    ],
                    "primary": {
                        "id": "rtb-94558af2",
                        "attributes": {
                            "id": "rtb-94558af2",
                            "propagating_vgws.#": "1",
                            "propagating_vgws.1519225575": "vgw-cbad74d5",
                            "route.#": "4",
                            "route.1387300565.cidr_block": "10.126.4.0/22",
                            "route.1387300565.egress_only_gateway_id": "",
                            "route.1387300565.gateway_id": "",
                            "route.1387300565.instance_id": "",
                            "route.1387300565.ipv6_cidr_block": "",
                            "route.1387300565.nat_gateway_id": "",
                            "route.1387300565.network_interface_id": "",
                            "route.1387300565.vpc_peering_connection_id": "pcx-dac77db3",
                            "route.304489673.cidr_block": "10.126.8.0/22",
                            "route.304489673.egress_only_gateway_id": "",
                            "route.304489673.gateway_id": "",
                            "route.304489673.instance_id": "",
                            "route.304489673.ipv6_cidr_block": "",
                            "route.304489673.nat_gateway_id": "",
                            "route.304489673.network_interface_id": "",
                            "route.304489673.vpc_peering_connection_id": "pcx-296ec440",
                            "route.3674832686.cidr_block": "10.126.0.0/22",
                            "route.3674832686.egress_only_gateway_id": "",
                            "route.3674832686.gateway_id": "",
                            "route.3674832686.instance_id": "",
                            "route.3674832686.ipv6_cidr_block": "",
                            "route.3674832686.nat_gateway_id": "",
                            "route.3674832686.network_interface_id": "",
                            "route.3674832686.vpc_peering_connection_id": "pcx-a669c3cf",
                            "route.693763447.cidr_block": "0.0.0.0/0",
                            "route.693763447.egress_only_gateway_id": "",
                            "route.693763447.gateway_id": "",
                            "route.693763447.instance_id": "",
                            "route.693763447.ipv6_cidr_block": "",
                            "route.693763447.nat_gateway_id": "nat-06f1d74cd0ba0a992",
                            "route.693763447.network_interface_id": "",
                            "route.693763447.vpc_peering_connection_id": "",
                            "tags.%": "5",
                            "tags.Name": "infra-pipeline-natdc-routetable",
                            "tags.account_name": "jive-reco-pipeline",
                            "tags.pipeline_phase": "infra-pipeline",
                            "tags.region": "us-west-2",
                            "tags.sla": "non-prod",
                            "vpc_id": "vpc-c9bd12ad"
                        },
                        "meta": {},
                        "tainted": false
                    },
                    "deposed": [],
                    "provider": ""
                },
                "aws_route_table.private": {
                    "type": "aws_route_table",
                    "depends_on": [
                        "aws_vpc.main"
                    ],
                    "primary": {
                        "id": "rtb-c9e572ad",
                        "attributes": {
                            "id": "rtb-c9e572ad",
                            "route.#": "3",
                            "route.1387300565.cidr_block": "10.126.4.0/22",
                            "route.1387300565.egress_only_gateway_id": "",
                            "route.1387300565.gateway_id": "",
                            "route.1387300565.instance_id": "",
                            "route.1387300565.ipv6_cidr_block": "",
                            "route.1387300565.nat_gateway_id": "",
                            "route.1387300565.network_interface_id": "",
                            "route.1387300565.vpc_peering_connection_id": "pcx-dac77db3",
                            "route.304489673.cidr_block": "10.126.8.0/22",
                            "route.304489673.egress_only_gateway_id": "",
                            "route.304489673.gateway_id": "",
                            "route.304489673.instance_id": "",
                            "route.304489673.ipv6_cidr_block": "",
                            "route.304489673.nat_gateway_id": "",
                            "route.304489673.network_interface_id": "",
                            "route.304489673.vpc_peering_connection_id": "pcx-296ec440",
                            "route.3674832686.cidr_block": "10.126.0.0/22",
                            "route.3674832686.egress_only_gateway_id": "",
                            "route.3674832686.gateway_id": "",
                            "route.3674832686.instance_id": "",
                            "route.3674832686.ipv6_cidr_block": "",
                            "route.3674832686.nat_gateway_id": "",
                            "route.3674832686.network_interface_id": "",
                            "route.3674832686.vpc_peering_connection_id": "pcx-a669c3cf",
                            "tags.%": "5",
                            "tags.Name": "infra-pipeline-private-routetable",
                            "tags.account_name": "jive-reco-pipeline",
                            "tags.pipeline_phase": "infra-pipeline",
                            "tags.region": "us-west-2",
                            "tags.sla": "non-prod",
                            "vpc_id": "vpc-c9bd12ad"
                        },
                        "meta": {},
                        "tainted": false
                    },
                    "deposed": [],
                    "provider": ""
                },
                "aws_route_table.public": {
                    "type": "aws_route_table",
                    "depends_on": [
                        "aws_internet_gateway.igw",
                        "aws_vpc.main"
                    ],
                    "primary": {
                        "id": "rtb-cbe572af",
                        "attributes": {
                            "id": "rtb-cbe572af",
                            "route.#": "4",
                            "route.1387300565.cidr_block": "10.126.4.0/22",
                            "route.1387300565.egress_only_gateway_id": "",
                            "route.1387300565.gateway_id": "",
                            "route.1387300565.instance_id": "",
                            "route.1387300565.ipv6_cidr_block": "",
                            "route.1387300565.nat_gateway_id": "",
                            "route.1387300565.network_interface_id": "",
                            "route.1387300565.vpc_peering_connection_id": "pcx-dac77db3",
                            "route.304489673.cidr_block": "10.126.8.0/22",
                            "route.304489673.egress_only_gateway_id": "",
                            "route.304489673.gateway_id": "",
                            "route.304489673.instance_id": "",
                            "route.304489673.ipv6_cidr_block": "",
                            "route.304489673.nat_gateway_id": "",
                            "route.304489673.network_interface_id": "",
                            "route.304489673.vpc_peering_connection_id": "pcx-296ec440",
                            "route.3141094262.cidr_block": "0.0.0.0/0",
                            "route.3141094262.egress_only_gateway_id": "",
                            "route.3141094262.gateway_id": "igw-59c8f03c",
                            "route.3141094262.instance_id": "",
                            "route.3141094262.ipv6_cidr_block": "",
                            "route.3141094262.nat_gateway_id": "",
                            "route.3141094262.network_interface_id": "",
                            "route.3141094262.vpc_peering_connection_id": "",
                            "route.3674832686.cidr_block": "10.126.0.0/22",
                            "route.3674832686.egress_only_gateway_id": "",
                            "route.3674832686.gateway_id": "",
                            "route.3674832686.instance_id": "",
                            "route.3674832686.ipv6_cidr_block": "",
                            "route.3674832686.nat_gateway_id": "",
                            "route.3674832686.network_interface_id": "",
                            "route.3674832686.vpc_peering_connection_id": "pcx-a669c3cf",
                            "tags.%": "5",
                            "tags.Name": "infra-pipeline-public-routetable",
                            "tags.account_name": "jive-reco-pipeline",
                            "tags.pipeline_phase": "infra-pipeline",
                            "tags.region": "us-west-2",
                            "tags.sla": "non-prod",
                            "vpc_id": "vpc-c9bd12ad"
                        },
                        "meta": {},
                        "tainted": false
                    },
                    "deposed": [],
                    "provider": ""
                },
                "aws_route_table_association.natdc.0": {
                    "type": "aws_route_table_association",
                    "depends_on": [
                        "aws_route_table.natdc.*",
                        "aws_subnet.natdc.*"
                    ],
                    "primary": {
                        "id": "rtbassoc-28605e4c",
                        "attributes": {
                            "id": "rtbassoc-28605e4c",
                            "route_table_id": "rtb-6ae4730e",
                            "subnet_id": "subnet-a663afd0"
                        },
                        "meta": {},
                        "tainted": false
                    },
                    "deposed": [],
                    "provider": ""
                },
                "aws_route_table_association.natdc.1": {
                    "type": "aws_route_table_association",
                    "depends_on": [
                        "aws_route_table.natdc.*",
                        "aws_subnet.natdc.*"
                    ],
                    "primary": {
                        "id": "rtbassoc-a19852d8",
                        "attributes": {
                            "id": "rtbassoc-a19852d8",
                            "route_table_id": "rtb-f857889e",
                            "subnet_id": "subnet-798c9320"
                        },
                        "meta": {},
                        "tainted": false
                    },
                    "deposed": [],
                    "provider": ""
                },
                "aws_route_table_association.natdc.2": {
                    "type": "aws_route_table_association",
                    "depends_on": [
                        "aws_route_table.natdc.*",
                        "aws_subnet.natdc.*"
                    ],
                    "primary": {
                        "id": "rtbassoc-6e854f17",
                        "attributes": {
                            "id": "rtbassoc-6e854f17",
                            "route_table_id": "rtb-94558af2",
                            "subnet_id": "subnet-a3c06ac7"
                        },
                        "meta": {},
                        "tainted": false
                    },
                    "deposed": [],
                    "provider": ""
                },
                "aws_route_table_association.private.0": {
                    "type": "aws_route_table_association",
                    "depends_on": [
                        "aws_route_table.private",
                        "aws_subnet.private"
                    ],
                    "primary": {
                        "id": "rtbassoc-b2635dd6",
                        "attributes": {
                            "id": "rtbassoc-b2635dd6",
                            "route_table_id": "rtb-c9e572ad",
                            "subnet_id": "subnet-a2c06ac6"
                        },
                        "meta": {},
                        "tainted": false
                    },
                    "deposed": [],
                    "provider": ""
                },
                "aws_route_table_association.private.1": {
                    "type": "aws_route_table_association",
                    "depends_on": [
                        "aws_route_table.private",
                        "aws_subnet.private"
                    ],
                    "primary": {
                        "id": "rtbassoc-bc635dd8",
                        "attributes": {
                            "id": "rtbassoc-bc635dd8",
                            "route_table_id": "rtb-c9e572ad",
                            "subnet_id": "subnet-b963afcf"
                        },
                        "meta": {},
                        "tainted": false
                    },
                    "deposed": [],
                    "provider": ""
                },
                "aws_route_table_association.private.2": {
                    "type": "aws_route_table_association",
                    "depends_on": [
                        "aws_route_table.private",
                        "aws_subnet.private"
                    ],
                    "primary": {
                        "id": "rtbassoc-b3635dd7",
                        "attributes": {
                            "id": "rtbassoc-b3635dd7",
                            "route_table_id": "rtb-c9e572ad",
                            "subnet_id": "subnet-478c931e"
                        },
                        "meta": {},
                        "tainted": false
                    },
                    "deposed": [],
                    "provider": ""
                },
                "aws_route_table_association.public.0": {
                    "type": "aws_route_table_association",
                    "depends_on": [
                        "aws_route_table.public",
                        "aws_subnet.public"
                    ],
                    "primary": {
                        "id": "rtbassoc-b8635ddc",
                        "attributes": {
                            "id": "rtbassoc-b8635ddc",
                            "route_table_id": "rtb-cbe572af",
                            "subnet_id": "subnet-a1c06ac5"
                        },
                        "meta": {},
                        "tainted": false
                    },
                    "deposed": [],
                    "provider": ""
                },
                "aws_route_table_association.public.1": {
                    "type": "aws_route_table_association",
                    "depends_on": [
                        "aws_route_table.public",
                        "aws_subnet.public"
                    ],
                    "primary": {
                        "id": "rtbassoc-bf635ddb",
                        "attributes": {
                            "id": "rtbassoc-bf635ddb",
                            "route_table_id": "rtb-cbe572af",
                            "subnet_id": "subnet-a763afd1"
                        },
                        "meta": {},
                        "tainted": false
                    },
                    "deposed": [],
                    "provider": ""
                },
                "aws_route_table_association.public.2": {
                    "type": "aws_route_table_association",
                    "depends_on": [
                        "aws_route_table.public",
                        "aws_subnet.public"
                    ],
                    "primary": {
                        "id": "rtbassoc-b9635ddd",
                        "attributes": {
                            "id": "rtbassoc-b9635ddd",
                            "route_table_id": "rtb-cbe572af",
                            "subnet_id": "subnet-468c931f"
                        },
                        "meta": {},
                        "tainted": false
                    },
                    "deposed": [],
                    "provider": ""
                },
                "aws_security_group.env_instance": {
                    "type": "aws_security_group",
                    "depends_on": [
                        "aws_vpc.main"
                    ],
                    "primary": {
                        "id": "sg-572ab92c",
                        "attributes": {
                            "description": "Empty SG for all instances within the evironment",
                            "egress.#": "0",
                            "id": "sg-572ab92c",
                            "ingress.#": "0",
                            "name": "infra-pipeline-instance",
                            "owner_id": "642745549043",
                            "tags.%": "5",
                            "tags.Name": "infra-pipeline-instance",
                            "tags.account_name": "jive-reco-pipeline",
                            "tags.pipeline_phase": "infra-pipeline",
                            "tags.region": "us-west-2",
                            "tags.sla": "non-prod",
                            "vpc_id": "vpc-c9bd12ad"
                        },
                        "meta": {},
                        "tainted": false
                    },
                    "deposed": [],
                    "provider": ""
                },
                "aws_security_group.jive_phx_dc": {
                    "type": "aws_security_group",
                    "depends_on": [
                        "aws_vpc.main"
                    ],
                    "primary": {
                        "id": "sg-fa383c9d",
                        "attributes": {
                            "description": "Allow SSH and Ping from CIDRs within Jive PHX Data Center",
                            "egress.#": "1",
                            "egress.482069346.cidr_blocks.#": "1",
                            "egress.482069346.cidr_blocks.0": "0.0.0.0/0",
                            "egress.482069346.from_port": "0",
                            "egress.482069346.ipv6_cidr_blocks.#": "0",
                            "egress.482069346.prefix_list_ids.#": "0",
                            "egress.482069346.protocol": "-1",
                            "egress.482069346.self": "false",
                            "egress.482069346.to_port": "0",
                            "id": "sg-fa383c9d",
                            "ingress.#": "2",
                            "ingress.2541437006.cidr_blocks.#": "1",
                            "ingress.2541437006.cidr_blocks.0": "0.0.0.0/0",
                            "ingress.2541437006.from_port": "22",
                            "ingress.2541437006.ipv6_cidr_blocks.#": "0",
                            "ingress.2541437006.protocol": "tcp",
                            "ingress.2541437006.self": "false",
                            "ingress.2541437006.to_port": "22",
                            "ingress.3068409405.cidr_blocks.#": "1",
                            "ingress.3068409405.cidr_blocks.0": "0.0.0.0/0",
                            "ingress.3068409405.from_port": "8",
                            "ingress.3068409405.ipv6_cidr_blocks.#": "0",
                            "ingress.3068409405.protocol": "icmp",
                            "ingress.3068409405.security_groups.#": "0",
                            "ingress.3068409405.self": "false",
                            "ingress.3068409405.to_port": "0",
                            "name": "infra-pipeline-jive-phx-dc",
                            "owner_id": "642745549043",
                            "tags.%": "5",
                            "tags.Name": "infra-pipeline-jive-phx-dc",
                            "tags.account_name": "jive-reco-pipeline",
                            "tags.pipeline_phase": "infra-pipeline",
                            "tags.region": "us-west-2",
                            "tags.sla": "non-prod",
                            "vpc_id": "vpc-c9bd12ad"
                        },
                        "meta": {},
                        "tainted": false
                    },
                    "deposed": [],
                    "provider": ""
                },
                "aws_subnet.natdc.0": {
                    "type": "aws_subnet",
                    "depends_on": [
                        "aws_vpc.main"
                    ],
                    "primary": {
                        "id": "subnet-a3c06ac7",
                        "attributes": {
                            "assign_ipv6_address_on_creation": "false",
                            "availability_zone": "us-west-2a",
                            "cidr_block": "10.127.48.0/27",
                            "id": "subnet-a3c06ac7",
                            "map_public_ip_on_launch": "false",
                            "tags.%": "5",
                            "tags.Name": "infra-pipeline-natdc-subnet",
                            "tags.account_name": "jive-reco-pipeline",
                            "tags.pipeline_phase": "infra-pipeline",
                            "tags.region": "us-west-2",
                            "tags.sla": "non-prod",
                            "vpc_id": "vpc-c9bd12ad"
                        },
                        "meta": {},
                        "tainted": false
                    },
                    "deposed": [],
                    "provider": ""
                },
                "aws_subnet.natdc.1": {
                    "type": "aws_subnet",
                    "depends_on": [
                        "aws_vpc.main"
                    ],
                    "primary": {
                        "id": "subnet-a663afd0",
                        "attributes": {
                            "assign_ipv6_address_on_creation": "false",
                            "availability_zone": "us-west-2b",
                            "cidr_block": "10.127.48.32/27",
                            "id": "subnet-a663afd0",
                            "map_public_ip_on_launch": "false",
                            "tags.%": "5",
                            "tags.Name": "infra-pipeline-natdc-subnet",
                            "tags.account_name": "jive-reco-pipeline",
                            "tags.pipeline_phase": "infra-pipeline",
                            "tags.region": "us-west-2",
                            "tags.sla": "non-prod",
                            "vpc_id": "vpc-c9bd12ad"
                        },
                        "meta": {},
                        "tainted": false
                    },
                    "deposed": [],
                    "provider": ""
                },
                "aws_subnet.natdc.2": {
                    "type": "aws_subnet",
                    "depends_on": [
                        "aws_vpc.main"
                    ],
                    "primary": {
                        "id": "subnet-798c9320",
                        "attributes": {
                            "assign_ipv6_address_on_creation": "false",
                            "availability_zone": "us-west-2c",
                            "cidr_block": "10.127.48.64/27",
                            "id": "subnet-798c9320",
                            "map_public_ip_on_launch": "false",
                            "tags.%": "5",
                            "tags.Name": "infra-pipeline-natdc-subnet",
                            "tags.account_name": "jive-reco-pipeline",
                            "tags.pipeline_phase": "infra-pipeline",
                            "tags.region": "us-west-2",
                            "tags.sla": "non-prod",
                            "vpc_id": "vpc-c9bd12ad"
                        },
                        "meta": {},
                        "tainted": false
                    },
                    "deposed": [],
                    "provider": ""
                },
                "aws_subnet.private.0": {
                    "type": "aws_subnet",
                    "depends_on": [
                        "aws_vpc.main"
                    ],
                    "primary": {
                        "id": "subnet-a2c06ac6",
                        "attributes": {
                            "assign_ipv6_address_on_creation": "false",
                            "availability_zone": "us-west-2a",
                            "cidr_block": "10.127.48.192/28",
                            "id": "subnet-a2c06ac6",
                            "map_public_ip_on_launch": "false",
                            "tags.%": "5",
                            "tags.Name": "infra-pipeline-private-subnet",
                            "tags.account_name": "jive-reco-pipeline",
                            "tags.pipeline_phase": "infra-pipeline",
                            "tags.region": "us-west-2",
                            "tags.sla": "non-prod",
                            "vpc_id": "vpc-c9bd12ad"
                        },
                        "meta": {},
                        "tainted": false
                    },
                    "deposed": [],
                    "provider": ""
                },
                "aws_subnet.private.1": {
                    "type": "aws_subnet",
                    "depends_on": [
                        "aws_vpc.main"
                    ],
                    "primary": {
                        "id": "subnet-b963afcf",
                        "attributes": {
                            "assign_ipv6_address_on_creation": "false",
                            "availability_zone": "us-west-2b",
                            "cidr_block": "10.127.48.208/28",
                            "id": "subnet-b963afcf",
                            "map_public_ip_on_launch": "false",
                            "tags.%": "5",
                            "tags.Name": "infra-pipeline-private-subnet",
                            "tags.account_name": "jive-reco-pipeline",
                            "tags.pipeline_phase": "infra-pipeline",
                            "tags.region": "us-west-2",
                            "tags.sla": "non-prod",
                            "vpc_id": "vpc-c9bd12ad"
                        },
                        "meta": {},
                        "tainted": false
                    },
                    "deposed": [],
                    "provider": ""
                },
                "aws_subnet.private.2": {
                    "type": "aws_subnet",
                    "depends_on": [
                        "aws_vpc.main"
                    ],
                    "primary": {
                        "id": "subnet-478c931e",
                        "attributes": {
                            "assign_ipv6_address_on_creation": "false",
                            "availability_zone": "us-west-2c",
                            "cidr_block": "10.127.48.224/28",
                            "id": "subnet-478c931e",
                            "map_public_ip_on_launch": "false",
                            "tags.%": "5",
                            "tags.Name": "infra-pipeline-private-subnet",
                            "tags.account_name": "jive-reco-pipeline",
                            "tags.pipeline_phase": "infra-pipeline",
                            "tags.region": "us-west-2",
                            "tags.sla": "non-prod",
                            "vpc_id": "vpc-c9bd12ad"
                        },
                        "meta": {},
                        "tainted": false
                    },
                    "deposed": [],
                    "provider": ""
                },
                "aws_subnet.public.0": {
                    "type": "aws_subnet",
                    "depends_on": [
                        "aws_vpc.main"
                    ],
                    "primary": {
                        "id": "subnet-a1c06ac5",
                        "attributes": {
                            "assign_ipv6_address_on_creation": "false",
                            "availability_zone": "us-west-2a",
                            "cidr_block": "10.127.48.96/27",
                            "id": "subnet-a1c06ac5",
                            "map_public_ip_on_launch": "false",
                            "tags.%": "5",
                            "tags.Name": "infra-pipeline-public-subnet",
                            "tags.account_name": "jive-reco-pipeline",
                            "tags.pipeline_phase": "infra-pipeline",
                            "tags.region": "us-west-2",
                            "tags.sla": "non-prod",
                            "vpc_id": "vpc-c9bd12ad"
                        },
                        "meta": {},
                        "tainted": false
                    },
                    "deposed": [],
                    "provider": ""
                },
                "aws_subnet.public.1": {
                    "type": "aws_subnet",
                    "depends_on": [
                        "aws_vpc.main"
                    ],
                    "primary": {
                        "id": "subnet-a763afd1",
                        "attributes": {
                            "assign_ipv6_address_on_creation": "false",
                            "availability_zone": "us-west-2b",
                            "cidr_block": "10.127.48.128/27",
                            "id": "subnet-a763afd1",
                            "map_public_ip_on_launch": "false",
                            "tags.%": "5",
                            "tags.Name": "infra-pipeline-public-subnet",
                            "tags.account_name": "jive-reco-pipeline",
                            "tags.pipeline_phase": "infra-pipeline",
                            "tags.region": "us-west-2",
                            "tags.sla": "non-prod",
                            "vpc_id": "vpc-c9bd12ad"
                        },
                        "meta": {},
                        "tainted": false
                    },
                    "deposed": [],
                    "provider": ""
                },
                "aws_subnet.public.2": {
                    "type": "aws_subnet",
                    "depends_on": [
                        "aws_vpc.main"
                    ],
                    "primary": {
                        "id": "subnet-468c931f",
                        "attributes": {
                            "assign_ipv6_address_on_creation": "false",
                            "availability_zone": "us-west-2c",
                            "cidr_block": "10.127.48.160/27",
                            "id": "subnet-468c931f",
                            "map_public_ip_on_launch": "false",
                            "tags.%": "5",
                            "tags.Name": "infra-pipeline-public-subnet",
                            "tags.account_name": "jive-reco-pipeline",
                            "tags.pipeline_phase": "infra-pipeline",
                            "tags.region": "us-west-2",
                            "tags.sla": "non-prod",
                            "vpc_id": "vpc-c9bd12ad"
                        },
                        "meta": {},
                        "tainted": false
                    },
                    "deposed": [],
                    "provider": ""
                },
                "aws_vpc.main": {
                    "type": "aws_vpc",
                    "depends_on": [],
                    "primary": {
                        "id": "vpc-c9bd12ad",
                        "attributes": {
                            "assign_generated_ipv6_cidr_block": "false",
                            "cidr_block": "10.127.48.0/24",
                            "default_network_acl_id": "acl-ad70c9c9",
                            "default_route_table_id": "rtb-c8e572ac",
                            "default_security_group_id": "sg-f3383c94",
                            "dhcp_options_id": "dopt-e7e2bf82",
                            "enable_classiclink": "false",
                            "enable_dns_hostnames": "true",
                            "enable_dns_support": "true",
                            "id": "vpc-c9bd12ad",
                            "instance_tenancy": "default",
                            "main_route_table_id": "rtb-c8e572ac",
                            "tags.%": "5",
                            "tags.Name": "infra-pipeline-vpc",
                            "tags.account_name": "jive-reco-pipeline",
                            "tags.pipeline_phase": "infra-pipeline",
                            "tags.region": "us-west-2",
                            "tags.sla": "non-prod"
                        },
                        "meta": {
                            "schema_version": "1"
                        },
                        "tainted": false
                    },
                    "deposed": [],
                    "provider": ""
                },
                "aws_vpn_gateway.vgw": {
                    "type": "aws_vpn_gateway",
                    "depends_on": [
                        "aws_vpc.main"
                    ],
                    "primary": {
                        "id": "vgw-cbad74d5",
                        "attributes": {
                            "availability_zone": "",
                            "id": "vgw-cbad74d5",
                            "tags.%": "7",
                            "tags.Name": "infra-pipeline-vgw",
                            "tags.account_name": "jive-reco-pipeline",
                            "tags.jive_service": "infrastructure",
                            "tags.pipeline_phase": "infra-pipeline",
                            "tags.region": "us-west-2",
                            "tags.service_component": "vpn_gateway",
                            "tags.sla": "non-prod",
                            "vpc_id": "vpc-c9bd12ad"
                        },
                        "meta": {},
                        "tainted": false
                    },
                    "deposed": [],
                    "provider": ""
                },
                "data.template_file.bastion_user_data": {
                    "type": "template_file",
                    "depends_on": [
                        "aws_network_interface.bastion"
                    ],
                    "primary": {
                        "id": "1e7a4ff322e7149111ce7586cbd84b35c903b95523800eb1670f0e07fb737318",
                        "attributes": {
                            "id": "1e7a4ff322e7149111ce7586cbd84b35c903b95523800eb1670f0e07fb737318",
                            "rendered": "#!/bin/bash\n\ndeclare -r instance_id=$(curl -s http://169.254.169.254/latest/meta-data/instance-id)\ndeclare -r bi=10.127.48.7\ndeclare -r bastion_gw=\"${bi%.*}.1\"\n\nfunction_prep() {\n    # Get pip for awscli\n    yum install -y epel-release\n    yum install -y python-pip\n    pip install awscli\n}\n\nfunction_eni() {\n    # Attached the ENI to the Bastion instance\n    /usr/bin/aws ec2 attach-network-interface   --region us-west-2 \\\n                                                --network-interface-id eni-6d2fc817 \\\n                                                --instance-id $instance_id \\\n                                                --device-index 1\n\n    # Give the ENI some time to get an IP and attach correctly\n    sleep 30\n}\n\nfunction_network() {\n    # Make eth1 the default route, set eth0 off, and set eth1 on, then restart the network\n    cat \u003c\u003cEOF \u003e /etc/sysconfig/network\nNETWORKING=yes\nNOZEROCONF=yes\nGATEWAY=$bastion_gw\nGATEWAYDEV=eth1\nEOF\n\n    cat \u003c\u003cEOF \u003e /etc/sysconfig/network-scripts/ifcfg-eth0\nDEVICE=\"eth0\"\nONBOOT=\"no\"\nEOF\n\n    cat \u003c\u003cEOF \u003e /etc/sysconfig/network-scripts/ifcfg-eth1\nDEVICE=eth1\nBOOTPROTO=static\nDHCPCLASS=\nIPADDR=10.127.48.7\nNETMASK=255.255.255.224\nONBOOT=yes\nEOF\n\n    systemctl restart network\n}\n\nfunction_nexus() {\n    # URL redirect fails without this entry\n    echo \"10.10.100.155 nexus-int.eng.jiveland.com\" \u003e\u003e /etc/hosts\n\n    # Script to download Ansible artifact from Nexus\n    cat \u003c\u003c'EOF' \u003e /tmp/get_nexus_artifact.sh\n#!/bin/bash\n# Argument = -h -v -i groupId:artifactId:version -c classifier -p packaging -r repository\n\n# Define Nexus Configuration\nNEXUS_BASE=nexus-int.eng.jiveland.com\nREST_PATH=/service/local\nART_REDIR=/artifact/maven/redirect\n\n# Read in Complete Set of Coordinates from the Command Line\nGROUP_ID=\nARTIFACT_ID=\nVERSION=\"LATEST\"\nCLASSIFIER=\"\"\nPACKAGING=tar.gz\nREPO=\"candidates\"\nVERBOSE=0\n\nwhile getopts \"hvi:c:p:\" OPTION\ndo\n     case $OPTION in\n         h)\n             usage\n             exit 1\n             ;;\n         i)\n\t     OIFS=$IFS\n             IFS=\":\"\n\t     GAV_COORD=( $OPTARG )\n\t     GROUP_ID=${GAV_COORD[0]}\n             ARTIFACT_ID=${GAV_COORD[1]}\n             VERSION=${GAV_COORD[2]}\n\t     IFS=$OIFS\n             ;;\n         c)\n             CLASSIFIER=$OPTARG\n             ;;\n         p)\n             PACKAGING=$OPTARG\n             ;;\n         v)\n             VERBOSE=1\n             ;;\n         ?)\n             usage\n             exit\n             ;;\n     esac\ndone\n\nif [[ -z $GROUP_ID ]] || [[ -z $ARTIFACT_ID ]] || [[ -z $VERSION ]]\nthen\n     echo \"BAD ARGUMENTS: Either groupId, artifactId, or version was not supplied\" \u003e\u00262\n     usage\n     exit 1\nfi\n\n# Construct the base URL\nREDIRECT_URL=${NEXUS_BASE}${REST_PATH}${ART_REDIR}\n\n# Generate the list of parameters\nPARAM_KEYS=( g a v r p c )\nPARAM_VALUES=( $GROUP_ID $ARTIFACT_ID $VERSION $REPO $PACKAGING $CLASSIFIER )\nPARAMS=\"\"\nfor index in ${!PARAM_KEYS[*]}\ndo\n  if [[ ${PARAM_VALUES[$index]} != \"\" ]]\n  then\n    PARAMS=\"${PARAMS}${PARAM_KEYS[$index]}=${PARAM_VALUES[$index]}\u0026\"\n  fi\ndone\n\nREDIRECT_URL=\"${REDIRECT_URL}?${PARAMS}\"\n\necho \"Fetching Artifact from $REDIRECT_URL...\" \u003e\u00262\ncurl -sS -L ${REDIRECT_URL}\nEOF\n    # Run script to download latest Ansible artifact and unpack\n    chmod +x /tmp/get_nexus_artifact.sh\n    /tmp/get_nexus_artifact.sh -i com.jivesoftware.techops:ansible-common:LATEST \u003e /tmp/ansible-common.tar.gz\n}\n\nfunction_ansible() {\n    # Need Sudo TTY\n    sed -i s/'Defaults    requiretty'/'#Defaults    requiretty'/ /etc/sudoers\n    # Disable SELINUX for SSSD\n    sed -i 's/^SELINUX=.*/SELINUX=disabled/' /etc/selinux/config\n    # Create Ansible working directories\n    mkdir -p /tmp/ansible-common\n    tar xf /tmp/ansible-common.tar.gz -C /tmp/ansible-common/\n    # Set Python to 2.6 and run Ansible locally\n    alternatives --set python /usr/bin/python2.6\n    yum install -y python-boto ansible\n\n    # Run Ansible\n    /tmp/ansible-common/bin/run_ansible.sh /tmp/ansible-common/playbook-bastion.yml -e region=us-west-2 --connection=local -i /tmp/ansible-common/inventory_ec2/ \u003e\u003e /tmp/ansible-common/ansible_debug.log\n\n    # Change permissions on Ansible artifact so that ansible deploy pipeline\n    # can overwrite them in the future\n    chown -R ansible:service-users /tmp/ansible-common /tmp/ansible-common.tar.gz\n}\n\nfunction_restart() {\n    # Need to restart for SELINUX change.\n    shutdown -r now\n}\n\n# Run the things\nfunction_prep\nfunction_eni\nfunction_network\nfunction_nexus\nfunction_ansible\nfunction_restart\n",
                            "template": "#!/bin/bash\n\ndeclare -r instance_id=$(curl -s http://169.254.169.254/latest/meta-data/instance-id)\ndeclare -r bi=${bastion_ip}\ndeclare -r bastion_gw=\"$${bi%.*}.1\"\n\nfunction_prep() {\n    # Get pip for awscli\n    yum install -y epel-release\n    yum install -y python-pip\n    pip install awscli\n}\n\nfunction_eni() {\n    # Attached the ENI to the Bastion instance\n    /usr/bin/aws ec2 attach-network-interface   --region ${region} \\\n                                                --network-interface-id ${eni} \\\n                                                --instance-id $instance_id \\\n                                                --device-index 1\n\n    # Give the ENI some time to get an IP and attach correctly\n    sleep 30\n}\n\nfunction_network() {\n    # Make eth1 the default route, set eth0 off, and set eth1 on, then restart the network\n    cat \u003c\u003cEOF \u003e /etc/sysconfig/network\nNETWORKING=yes\nNOZEROCONF=yes\nGATEWAY=$bastion_gw\nGATEWAYDEV=eth1\nEOF\n\n    cat \u003c\u003cEOF \u003e /etc/sysconfig/network-scripts/ifcfg-eth0\nDEVICE=\"eth0\"\nONBOOT=\"no\"\nEOF\n\n    cat \u003c\u003cEOF \u003e /etc/sysconfig/network-scripts/ifcfg-eth1\nDEVICE=eth1\nBOOTPROTO=static\nDHCPCLASS=\nIPADDR=${bastion_ip}\nNETMASK=255.255.255.224\nONBOOT=yes\nEOF\n\n    systemctl restart network\n}\n\nfunction_nexus() {\n    # URL redirect fails without this entry\n    echo \"10.10.100.155 nexus-int.eng.jiveland.com\" \u003e\u003e /etc/hosts\n\n    # Script to download Ansible artifact from Nexus\n    cat \u003c\u003c'EOF' \u003e /tmp/get_nexus_artifact.sh\n#!/bin/bash\n# Argument = -h -v -i groupId:artifactId:version -c classifier -p packaging -r repository\n\n# Define Nexus Configuration\nNEXUS_BASE=nexus-int.eng.jiveland.com\nREST_PATH=/service/local\nART_REDIR=/artifact/maven/redirect\n\n# Read in Complete Set of Coordinates from the Command Line\nGROUP_ID=\nARTIFACT_ID=\nVERSION=\"LATEST\"\nCLASSIFIER=\"\"\nPACKAGING=tar.gz\nREPO=\"candidates\"\nVERBOSE=0\n\nwhile getopts \"hvi:c:p:\" OPTION\ndo\n     case $OPTION in\n         h)\n             usage\n             exit 1\n             ;;\n         i)\n\t     OIFS=$IFS\n             IFS=\":\"\n\t     GAV_COORD=( $OPTARG )\n\t     GROUP_ID=$${GAV_COORD[0]}\n             ARTIFACT_ID=$${GAV_COORD[1]}\n             VERSION=$${GAV_COORD[2]}\n\t     IFS=$OIFS\n             ;;\n         c)\n             CLASSIFIER=$OPTARG\n             ;;\n         p)\n             PACKAGING=$OPTARG\n             ;;\n         v)\n             VERBOSE=1\n             ;;\n         ?)\n             usage\n             exit\n             ;;\n     esac\ndone\n\nif [[ -z $GROUP_ID ]] || [[ -z $ARTIFACT_ID ]] || [[ -z $VERSION ]]\nthen\n     echo \"BAD ARGUMENTS: Either groupId, artifactId, or version was not supplied\" \u003e\u00262\n     usage\n     exit 1\nfi\n\n# Construct the base URL\nREDIRECT_URL=$${NEXUS_BASE}$${REST_PATH}$${ART_REDIR}\n\n# Generate the list of parameters\nPARAM_KEYS=( g a v r p c )\nPARAM_VALUES=( $GROUP_ID $ARTIFACT_ID $VERSION $REPO $PACKAGING $CLASSIFIER )\nPARAMS=\"\"\nfor index in $${!PARAM_KEYS[*]}\ndo\n  if [[ $${PARAM_VALUES[$index]} != \"\" ]]\n  then\n    PARAMS=\"$${PARAMS}$${PARAM_KEYS[$index]}=$${PARAM_VALUES[$index]}\u0026\"\n  fi\ndone\n\nREDIRECT_URL=\"$${REDIRECT_URL}?$${PARAMS}\"\n\necho \"Fetching Artifact from $REDIRECT_URL...\" \u003e\u00262\ncurl -sS -L $${REDIRECT_URL}\nEOF\n    # Run script to download latest Ansible artifact and unpack\n    chmod +x /tmp/get_nexus_artifact.sh\n    /tmp/get_nexus_artifact.sh -i com.jivesoftware.techops:ansible-common:LATEST \u003e /tmp/ansible-common.tar.gz\n}\n\nfunction_ansible() {\n    # Need Sudo TTY\n    sed -i s/'Defaults    requiretty'/'#Defaults    requiretty'/ /etc/sudoers\n    # Disable SELINUX for SSSD\n    sed -i 's/^SELINUX=.*/SELINUX=disabled/' /etc/selinux/config\n    # Create Ansible working directories\n    mkdir -p /tmp/ansible-common\n    tar xf /tmp/ansible-common.tar.gz -C /tmp/ansible-common/\n    # Set Python to 2.6 and run Ansible locally\n    alternatives --set python /usr/bin/python2.6\n    yum install -y python-boto ansible\n\n    # Run Ansible\n    /tmp/ansible-common/bin/run_ansible.sh /tmp/ansible-common/playbook-bastion.yml -e region=${region} --connection=local -i /tmp/ansible-common/inventory_ec2/ \u003e\u003e /tmp/ansible-common/ansible_debug.log\n\n    # Change permissions on Ansible artifact so that ansible deploy pipeline\n    # can overwrite them in the future\n    chown -R ansible:service-users /tmp/ansible-common /tmp/ansible-common.tar.gz\n}\n\nfunction_restart() {\n    # Need to restart for SELINUX change.\n    shutdown -r now\n}\n\n# Run the things\nfunction_prep\nfunction_eni\nfunction_network\nfunction_nexus\nfunction_ansible\nfunction_restart\n",
                            "vars.%": "5",
                            "vars.account_name": "jive-reco-pipeline",
                            "vars.bastion_ip": "10.127.48.7",
                            "vars.eni": "eni-6d2fc817",
                            "vars.pipeline_phase": "infra-pipeline",
                            "vars.region": "us-west-2"
                        },
                        "meta": {},
                        "tainted": false
                    },
                    "deposed": [],
                    "provider": ""
                }
            },
            "depends_on": []
        }
    ]
}
