{
    "version": 3,
    "terraform_version": "0.9.4",
    "serial": 43,
    "lineage": "983dda18-e4e5-48af-a118-b300188a484d",
    "modules": [
        {
            "path": [
                "root"
            ],
            "outputs": {},
            "resources": {
                "aws_autoscaling_group.k8s_etcd_asg.0": {
                    "type": "aws_autoscaling_group",
                    "depends_on": [
                        "aws_eip.k8s_etcd_eip.*",
                        "aws_launch_configuration.k8s_etcd",
                        "data.aws_subnet.natdc.*",
                        "null_resource.k8s_cluster"
                    ],
                    "primary": {
                        "id": "pipeline-jcx-k8s-etcd-asg1",
                        "attributes": {
                            "arn": "arn:aws:autoscaling:us-west-2:811034720611:autoScalingGroup:00bb5296-6405-4fe1-8292-dda58124d580:autoScalingGroupName/pipeline-jcx-k8s-etcd-asg1",
                            "availability_zones.#": "1",
                            "availability_zones.2487133097": "us-west-2a",
                            "default_cooldown": "300",
                            "desired_capacity": "1",
                            "force_delete": "false",
                            "health_check_grace_period": "300",
                            "health_check_type": "EC2",
                            "id": "pipeline-jcx-k8s-etcd-asg1",
                            "launch_configuration": "terraform-00ccf4f844a52be7b0a0956ffb",
                            "load_balancers.#": "0",
                            "max_size": "1",
                            "metrics_granularity": "1Minute",
                            "min_size": "1",
                            "name": "pipeline-jcx-k8s-etcd-asg1",
                            "placement_group": "",
                            "protect_from_scale_in": "false",
                            "suspended_processes.#": "0",
                            "tag.#": "10",
                            "tag.1303904387.key": "KubernetesCluster",
                            "tag.1303904387.propagate_at_launch": "true",
                            "tag.1303904387.value": "us-west-2_jive-microservices-pipeline-jcx",
                            "tag.1802081948.key": "Hostname",
                            "tag.1802081948.propagate_at_launch": "true",
                            "tag.1802081948.value": "us-west-2_jive-microservices-pipeline-jcx-etcd1",
                            "tag.2529000289.key": "Pipeline_phase",
                            "tag.2529000289.propagate_at_launch": "true",
                            "tag.2529000289.value": "pipeline-jcx",
                            "tag.2637258932.key": "Etcd_ip",
                            "tag.2637258932.propagate_at_launch": "true",
                            "tag.2637258932.value": "10.122.66.98",
                            "tag.2842118257.key": "K8s_cluster",
                            "tag.2842118257.propagate_at_launch": "true",
                            "tag.2842118257.value": "us-west-2_jive-microservices-pipeline-jcx",
                            "tag.3187119633.key": "Service_component",
                            "tag.3187119633.propagate_at_launch": "true",
                            "tag.3187119633.value": "etcd",
                            "tag.3550500222.key": "Name",
                            "tag.3550500222.propagate_at_launch": "true",
                            "tag.3550500222.value": "pipeline-jcx-k8s-etcd-instance",
                            "tag.3767096825.key": "SLA",
                            "tag.3767096825.propagate_at_launch": "true",
                            "tag.3767096825.value": "non-prod",
                            "tag.405146573.key": "Jive_service",
                            "tag.405146573.propagate_at_launch": "true",
                            "tag.405146573.value": "us-west-2_jive-microservices-pipeline-jcx",
                            "tag.4279558224.key": "Region",
                            "tag.4279558224.propagate_at_launch": "true",
                            "tag.4279558224.value": "us-west-2",
                            "target_group_arns.#": "0",
                            "termination_policies.#": "0",
                            "vpc_zone_identifier.#": "1",
                            "vpc_zone_identifier.4072066306": "subnet-769ecd12",
                            "wait_for_capacity_timeout": "10m"
                        },
                        "meta": {},
                        "tainted": false
                    },
                    "deposed": [],
                    "provider": ""
                },
                "aws_autoscaling_group.k8s_etcd_asg.1": {
                    "type": "aws_autoscaling_group",
                    "depends_on": [
                        "aws_eip.k8s_etcd_eip.*",
                        "aws_launch_configuration.k8s_etcd",
                        "data.aws_subnet.natdc.*",
                        "null_resource.k8s_cluster"
                    ],
                    "primary": {
                        "id": "pipeline-jcx-k8s-etcd-asg2",
                        "attributes": {
                            "arn": "arn:aws:autoscaling:us-west-2:811034720611:autoScalingGroup:a8be2f25-0287-4e91-85f1-35deada67484:autoScalingGroupName/pipeline-jcx-k8s-etcd-asg2",
                            "availability_zones.#": "1",
                            "availability_zones.221770259": "us-west-2b",
                            "default_cooldown": "300",
                            "desired_capacity": "1",
                            "force_delete": "false",
                            "health_check_grace_period": "300",
                            "health_check_type": "EC2",
                            "id": "pipeline-jcx-k8s-etcd-asg2",
                            "launch_configuration": "terraform-00ccf4f844a52be7b0a0956ffb",
                            "load_balancers.#": "0",
                            "max_size": "1",
                            "metrics_granularity": "1Minute",
                            "min_size": "1",
                            "name": "pipeline-jcx-k8s-etcd-asg2",
                            "placement_group": "",
                            "protect_from_scale_in": "false",
                            "suspended_processes.#": "0",
                            "tag.#": "10",
                            "tag.1303904387.key": "KubernetesCluster",
                            "tag.1303904387.propagate_at_launch": "true",
                            "tag.1303904387.value": "us-west-2_jive-microservices-pipeline-jcx",
                            "tag.1518439425.key": "Hostname",
                            "tag.1518439425.propagate_at_launch": "true",
                            "tag.1518439425.value": "us-west-2_jive-microservices-pipeline-jcx-etcd2",
                            "tag.2367257577.key": "Etcd_ip",
                            "tag.2367257577.propagate_at_launch": "true",
                            "tag.2367257577.value": "10.122.68.163",
                            "tag.2529000289.key": "Pipeline_phase",
                            "tag.2529000289.propagate_at_launch": "true",
                            "tag.2529000289.value": "pipeline-jcx",
                            "tag.2842118257.key": "K8s_cluster",
                            "tag.2842118257.propagate_at_launch": "true",
                            "tag.2842118257.value": "us-west-2_jive-microservices-pipeline-jcx",
                            "tag.3187119633.key": "Service_component",
                            "tag.3187119633.propagate_at_launch": "true",
                            "tag.3187119633.value": "etcd",
                            "tag.3550500222.key": "Name",
                            "tag.3550500222.propagate_at_launch": "true",
                            "tag.3550500222.value": "pipeline-jcx-k8s-etcd-instance",
                            "tag.3767096825.key": "SLA",
                            "tag.3767096825.propagate_at_launch": "true",
                            "tag.3767096825.value": "non-prod",
                            "tag.405146573.key": "Jive_service",
                            "tag.405146573.propagate_at_launch": "true",
                            "tag.405146573.value": "us-west-2_jive-microservices-pipeline-jcx",
                            "tag.4279558224.key": "Region",
                            "tag.4279558224.propagate_at_launch": "true",
                            "tag.4279558224.value": "us-west-2",
                            "target_group_arns.#": "0",
                            "termination_policies.#": "0",
                            "vpc_zone_identifier.#": "1",
                            "vpc_zone_identifier.2661833281": "subnet-0d177c7b",
                            "wait_for_capacity_timeout": "10m"
                        },
                        "meta": {},
                        "tainted": false
                    },
                    "deposed": [],
                    "provider": ""
                },
                "aws_autoscaling_group.k8s_etcd_asg.2": {
                    "type": "aws_autoscaling_group",
                    "depends_on": [
                        "aws_eip.k8s_etcd_eip.*",
                        "aws_launch_configuration.k8s_etcd",
                        "data.aws_subnet.natdc.*",
                        "null_resource.k8s_cluster"
                    ],
                    "primary": {
                        "id": "pipeline-jcx-k8s-etcd-asg3",
                        "attributes": {
                            "arn": "arn:aws:autoscaling:us-west-2:811034720611:autoScalingGroup:90f66df9-d901-4e29-a02a-bdb98b6f6afb:autoScalingGroupName/pipeline-jcx-k8s-etcd-asg3",
                            "availability_zones.#": "1",
                            "availability_zones.2050015877": "us-west-2c",
                            "default_cooldown": "300",
                            "desired_capacity": "1",
                            "force_delete": "false",
                            "health_check_grace_period": "300",
                            "health_check_type": "EC2",
                            "id": "pipeline-jcx-k8s-etcd-asg3",
                            "launch_configuration": "terraform-00ccf4f844a52be7b0a0956ffb",
                            "load_balancers.#": "0",
                            "max_size": "1",
                            "metrics_granularity": "1Minute",
                            "min_size": "1",
                            "name": "pipeline-jcx-k8s-etcd-asg3",
                            "placement_group": "",
                            "protect_from_scale_in": "false",
                            "suspended_processes.#": "0",
                            "tag.#": "10",
                            "tag.1303904387.key": "KubernetesCluster",
                            "tag.1303904387.propagate_at_launch": "true",
                            "tag.1303904387.value": "us-west-2_jive-microservices-pipeline-jcx",
                            "tag.1907104444.key": "Etcd_ip",
                            "tag.1907104444.propagate_at_launch": "true",
                            "tag.1907104444.value": "10.122.73.46",
                            "tag.2529000289.key": "Pipeline_phase",
                            "tag.2529000289.propagate_at_launch": "true",
                            "tag.2529000289.value": "pipeline-jcx",
                            "tag.2842118257.key": "K8s_cluster",
                            "tag.2842118257.propagate_at_launch": "true",
                            "tag.2842118257.value": "us-west-2_jive-microservices-pipeline-jcx",
                            "tag.3187119633.key": "Service_component",
                            "tag.3187119633.propagate_at_launch": "true",
                            "tag.3187119633.value": "etcd",
                            "tag.3550500222.key": "Name",
                            "tag.3550500222.propagate_at_launch": "true",
                            "tag.3550500222.value": "pipeline-jcx-k8s-etcd-instance",
                            "tag.3767096825.key": "SLA",
                            "tag.3767096825.propagate_at_launch": "true",
                            "tag.3767096825.value": "non-prod",
                            "tag.405146573.key": "Jive_service",
                            "tag.405146573.propagate_at_launch": "true",
                            "tag.405146573.value": "us-west-2_jive-microservices-pipeline-jcx",
                            "tag.4244015029.key": "Hostname",
                            "tag.4244015029.propagate_at_launch": "true",
                            "tag.4244015029.value": "us-west-2_jive-microservices-pipeline-jcx-etcd3",
                            "tag.4279558224.key": "Region",
                            "tag.4279558224.propagate_at_launch": "true",
                            "tag.4279558224.value": "us-west-2",
                            "target_group_arns.#": "0",
                            "termination_policies.#": "0",
                            "vpc_zone_identifier.#": "1",
                            "vpc_zone_identifier.2971708536": "subnet-89ab1ed1",
                            "wait_for_capacity_timeout": "10m"
                        },
                        "meta": {},
                        "tainted": false
                    },
                    "deposed": [],
                    "provider": ""
                },
                "aws_autoscaling_group.k8s_etcd_asg.3": {
                    "type": "aws_autoscaling_group",
                    "depends_on": [
                        "aws_eip.k8s_etcd_eip.*",
                        "aws_launch_configuration.k8s_etcd",
                        "data.aws_subnet.natdc.*",
                        "null_resource.k8s_cluster"
                    ],
                    "primary": {
                        "id": "pipeline-jcx-k8s-etcd-asg4",
                        "attributes": {
                            "arn": "arn:aws:autoscaling:us-west-2:811034720611:autoScalingGroup:41527d33-a33a-4b2a-9b98-0402eac4b728:autoScalingGroupName/pipeline-jcx-k8s-etcd-asg4",
                            "availability_zones.#": "1",
                            "availability_zones.2487133097": "us-west-2a",
                            "default_cooldown": "300",
                            "desired_capacity": "1",
                            "force_delete": "false",
                            "health_check_grace_period": "300",
                            "health_check_type": "EC2",
                            "id": "pipeline-jcx-k8s-etcd-asg4",
                            "launch_configuration": "terraform-00ccf4f844a52be7b0a0956ffb",
                            "load_balancers.#": "0",
                            "max_size": "1",
                            "metrics_granularity": "1Minute",
                            "min_size": "1",
                            "name": "pipeline-jcx-k8s-etcd-asg4",
                            "placement_group": "",
                            "protect_from_scale_in": "false",
                            "suspended_processes.#": "0",
                            "tag.#": "10",
                            "tag.1303904387.key": "KubernetesCluster",
                            "tag.1303904387.propagate_at_launch": "true",
                            "tag.1303904387.value": "us-west-2_jive-microservices-pipeline-jcx",
                            "tag.2529000289.key": "Pipeline_phase",
                            "tag.2529000289.propagate_at_launch": "true",
                            "tag.2529000289.value": "pipeline-jcx",
                            "tag.2842118257.key": "K8s_cluster",
                            "tag.2842118257.propagate_at_launch": "true",
                            "tag.2842118257.value": "us-west-2_jive-microservices-pipeline-jcx",
                            "tag.3187119633.key": "Service_component",
                            "tag.3187119633.propagate_at_launch": "true",
                            "tag.3187119633.value": "etcd",
                            "tag.3550500222.key": "Name",
                            "tag.3550500222.propagate_at_launch": "true",
                            "tag.3550500222.value": "pipeline-jcx-k8s-etcd-instance",
                            "tag.3767096825.key": "SLA",
                            "tag.3767096825.propagate_at_launch": "true",
                            "tag.3767096825.value": "non-prod",
                            "tag.405146573.key": "Jive_service",
                            "tag.405146573.propagate_at_launch": "true",
                            "tag.405146573.value": "us-west-2_jive-microservices-pipeline-jcx",
                            "tag.4279558224.key": "Region",
                            "tag.4279558224.propagate_at_launch": "true",
                            "tag.4279558224.value": "us-west-2",
                            "tag.838358335.key": "Etcd_ip",
                            "tag.838358335.propagate_at_launch": "true",
                            "tag.838358335.value": "10.122.66.132",
                            "tag.961657147.key": "Hostname",
                            "tag.961657147.propagate_at_launch": "true",
                            "tag.961657147.value": "us-west-2_jive-microservices-pipeline-jcx-etcd4",
                            "target_group_arns.#": "0",
                            "termination_policies.#": "0",
                            "vpc_zone_identifier.#": "1",
                            "vpc_zone_identifier.4072066306": "subnet-769ecd12",
                            "wait_for_capacity_timeout": "10m"
                        },
                        "meta": {},
                        "tainted": false
                    },
                    "deposed": [],
                    "provider": ""
                },
                "aws_autoscaling_group.k8s_etcd_asg.4": {
                    "type": "aws_autoscaling_group",
                    "depends_on": [
                        "aws_eip.k8s_etcd_eip.*",
                        "aws_launch_configuration.k8s_etcd",
                        "data.aws_subnet.natdc.*",
                        "null_resource.k8s_cluster"
                    ],
                    "primary": {
                        "id": "pipeline-jcx-k8s-etcd-asg5",
                        "attributes": {
                            "arn": "arn:aws:autoscaling:us-west-2:811034720611:autoScalingGroup:e5aabc76-3c51-4d26-a1eb-8321a239ef17:autoScalingGroupName/pipeline-jcx-k8s-etcd-asg5",
                            "availability_zones.#": "1",
                            "availability_zones.221770259": "us-west-2b",
                            "default_cooldown": "300",
                            "desired_capacity": "1",
                            "force_delete": "false",
                            "health_check_grace_period": "300",
                            "health_check_type": "EC2",
                            "id": "pipeline-jcx-k8s-etcd-asg5",
                            "launch_configuration": "terraform-00ccf4f844a52be7b0a0956ffb",
                            "load_balancers.#": "0",
                            "max_size": "1",
                            "metrics_granularity": "1Minute",
                            "min_size": "1",
                            "name": "pipeline-jcx-k8s-etcd-asg5",
                            "placement_group": "",
                            "protect_from_scale_in": "false",
                            "suspended_processes.#": "0",
                            "tag.#": "10",
                            "tag.1303904387.key": "KubernetesCluster",
                            "tag.1303904387.propagate_at_launch": "true",
                            "tag.1303904387.value": "us-west-2_jive-microservices-pipeline-jcx",
                            "tag.168353143.key": "Etcd_ip",
                            "tag.168353143.propagate_at_launch": "true",
                            "tag.168353143.value": "10.122.70.162",
                            "tag.2529000289.key": "Pipeline_phase",
                            "tag.2529000289.propagate_at_launch": "true",
                            "tag.2529000289.value": "pipeline-jcx",
                            "tag.2670113423.key": "Hostname",
                            "tag.2670113423.propagate_at_launch": "true",
                            "tag.2670113423.value": "us-west-2_jive-microservices-pipeline-jcx-etcd5",
                            "tag.2842118257.key": "K8s_cluster",
                            "tag.2842118257.propagate_at_launch": "true",
                            "tag.2842118257.value": "us-west-2_jive-microservices-pipeline-jcx",
                            "tag.3187119633.key": "Service_component",
                            "tag.3187119633.propagate_at_launch": "true",
                            "tag.3187119633.value": "etcd",
                            "tag.3550500222.key": "Name",
                            "tag.3550500222.propagate_at_launch": "true",
                            "tag.3550500222.value": "pipeline-jcx-k8s-etcd-instance",
                            "tag.3767096825.key": "SLA",
                            "tag.3767096825.propagate_at_launch": "true",
                            "tag.3767096825.value": "non-prod",
                            "tag.405146573.key": "Jive_service",
                            "tag.405146573.propagate_at_launch": "true",
                            "tag.405146573.value": "us-west-2_jive-microservices-pipeline-jcx",
                            "tag.4279558224.key": "Region",
                            "tag.4279558224.propagate_at_launch": "true",
                            "tag.4279558224.value": "us-west-2",
                            "target_group_arns.#": "0",
                            "termination_policies.#": "0",
                            "vpc_zone_identifier.#": "1",
                            "vpc_zone_identifier.2661833281": "subnet-0d177c7b",
                            "wait_for_capacity_timeout": "10m"
                        },
                        "meta": {},
                        "tainted": false
                    },
                    "deposed": [],
                    "provider": ""
                },
                "aws_autoscaling_group.k8s_etcd_asg.5": {
                    "type": "aws_autoscaling_group",
                    "depends_on": [
                        "aws_eip.k8s_etcd_eip.*",
                        "aws_launch_configuration.k8s_etcd",
                        "data.aws_subnet.natdc.*",
                        "null_resource.k8s_cluster"
                    ],
                    "primary": {
                        "id": "pipeline-jcx-k8s-etcd-asg6",
                        "attributes": {
                            "arn": "arn:aws:autoscaling:us-west-2:811034720611:autoScalingGroup:55e25a72-6300-437c-96dd-889ee3d2b6ac:autoScalingGroupName/pipeline-jcx-k8s-etcd-asg6",
                            "availability_zones.#": "1",
                            "availability_zones.2050015877": "us-west-2c",
                            "default_cooldown": "300",
                            "desired_capacity": "1",
                            "force_delete": "false",
                            "health_check_grace_period": "300",
                            "health_check_type": "EC2",
                            "id": "pipeline-jcx-k8s-etcd-asg6",
                            "launch_configuration": "terraform-00ccf4f844a52be7b0a0956ffb",
                            "load_balancers.#": "0",
                            "max_size": "1",
                            "metrics_granularity": "1Minute",
                            "min_size": "1",
                            "name": "pipeline-jcx-k8s-etcd-asg6",
                            "placement_group": "",
                            "protect_from_scale_in": "false",
                            "suspended_processes.#": "0",
                            "tag.#": "10",
                            "tag.1028888326.key": "Etcd_ip",
                            "tag.1028888326.propagate_at_launch": "true",
                            "tag.1028888326.value": "10.122.74.145",
                            "tag.1303904387.key": "KubernetesCluster",
                            "tag.1303904387.propagate_at_launch": "true",
                            "tag.1303904387.value": "us-west-2_jive-microservices-pipeline-jcx",
                            "tag.2529000289.key": "Pipeline_phase",
                            "tag.2529000289.propagate_at_launch": "true",
                            "tag.2529000289.value": "pipeline-jcx",
                            "tag.2842118257.key": "K8s_cluster",
                            "tag.2842118257.propagate_at_launch": "true",
                            "tag.2842118257.value": "us-west-2_jive-microservices-pipeline-jcx",
                            "tag.2932779026.key": "Hostname",
                            "tag.2932779026.propagate_at_launch": "true",
                            "tag.2932779026.value": "us-west-2_jive-microservices-pipeline-jcx-etcd6",
                            "tag.3187119633.key": "Service_component",
                            "tag.3187119633.propagate_at_launch": "true",
                            "tag.3187119633.value": "etcd",
                            "tag.3550500222.key": "Name",
                            "tag.3550500222.propagate_at_launch": "true",
                            "tag.3550500222.value": "pipeline-jcx-k8s-etcd-instance",
                            "tag.3767096825.key": "SLA",
                            "tag.3767096825.propagate_at_launch": "true",
                            "tag.3767096825.value": "non-prod",
                            "tag.405146573.key": "Jive_service",
                            "tag.405146573.propagate_at_launch": "true",
                            "tag.405146573.value": "us-west-2_jive-microservices-pipeline-jcx",
                            "tag.4279558224.key": "Region",
                            "tag.4279558224.propagate_at_launch": "true",
                            "tag.4279558224.value": "us-west-2",
                            "target_group_arns.#": "0",
                            "termination_policies.#": "0",
                            "vpc_zone_identifier.#": "1",
                            "vpc_zone_identifier.2971708536": "subnet-89ab1ed1",
                            "wait_for_capacity_timeout": "10m"
                        },
                        "meta": {},
                        "tainted": false
                    },
                    "deposed": [],
                    "provider": ""
                },
                "aws_autoscaling_group.k8s_master": {
                    "type": "aws_autoscaling_group",
                    "depends_on": [
                        "aws_elb.k8s_master",
                        "aws_launch_configuration.k8s_master",
                        "null_resource.k8s_cluster"
                    ],
                    "primary": {
                        "id": "pipeline-jcx-k8s-master-asg1",
                        "attributes": {
                            "arn": "arn:aws:autoscaling:us-west-2:811034720611:autoScalingGroup:c089db8f-5593-4868-9332-f8a841a2a498:autoScalingGroupName/pipeline-jcx-k8s-master-asg1",
                            "availability_zones.#": "1",
                            "availability_zones.2487133097": "us-west-2a",
                            "default_cooldown": "300",
                            "desired_capacity": "1",
                            "force_delete": "false",
                            "health_check_grace_period": "300",
                            "health_check_type": "EC2",
                            "id": "pipeline-jcx-k8s-master-asg1",
                            "launch_configuration": "terraform-00ccf4f844a52be7b0a0956ffa",
                            "load_balancers.#": "1",
                            "load_balancers.4217079403": "pipeline-jcx-k8s-master-elb",
                            "max_size": "1",
                            "metrics_granularity": "1Minute",
                            "min_size": "1",
                            "name": "pipeline-jcx-k8s-master-asg1",
                            "placement_group": "",
                            "protect_from_scale_in": "false",
                            "suspended_processes.#": "0",
                            "tag.#": "9",
                            "tag.1168534966.key": "Hostname",
                            "tag.1168534966.propagate_at_launch": "true",
                            "tag.1168534966.value": "us-west-2_jive-microservices-pipeline-jcx-master1",
                            "tag.1303904387.key": "KubernetesCluster",
                            "tag.1303904387.propagate_at_launch": "true",
                            "tag.1303904387.value": "us-west-2_jive-microservices-pipeline-jcx",
                            "tag.2529000289.key": "Pipeline_phase",
                            "tag.2529000289.propagate_at_launch": "true",
                            "tag.2529000289.value": "pipeline-jcx",
                            "tag.2842118257.key": "K8s_cluster",
                            "tag.2842118257.propagate_at_launch": "true",
                            "tag.2842118257.value": "us-west-2_jive-microservices-pipeline-jcx",
                            "tag.3116370667.key": "Service_component",
                            "tag.3116370667.propagate_at_launch": "true",
                            "tag.3116370667.value": "k8s-master",
                            "tag.3767096825.key": "SLA",
                            "tag.3767096825.propagate_at_launch": "true",
                            "tag.3767096825.value": "non-prod",
                            "tag.405146573.key": "Jive_service",
                            "tag.405146573.propagate_at_launch": "true",
                            "tag.405146573.value": "us-west-2_jive-microservices-pipeline-jcx",
                            "tag.4279558224.key": "Region",
                            "tag.4279558224.propagate_at_launch": "true",
                            "tag.4279558224.value": "us-west-2",
                            "tag.992119558.key": "Name",
                            "tag.992119558.propagate_at_launch": "true",
                            "tag.992119558.value": "pipeline-jcx-k8s-master-instance",
                            "target_group_arns.#": "0",
                            "termination_policies.#": "0",
                            "vpc_zone_identifier.#": "1",
                            "vpc_zone_identifier.4072066306": "subnet-769ecd12",
                            "wait_for_capacity_timeout": "10m"
                        },
                        "meta": {},
                        "tainted": false
                    },
                    "deposed": [],
                    "provider": ""
                },
                "aws_autoscaling_group.k8s_worker_asg.0": {
                    "type": "aws_autoscaling_group",
                    "depends_on": [
                        "aws_launch_configuration.k8s_worker",
                        "null_resource.k8s_cluster"
                    ],
                    "primary": {
                        "id": "pipeline-jcx-k8s-worker-asg1",
                        "attributes": {
                            "arn": "arn:aws:autoscaling:us-west-2:811034720611:autoScalingGroup:0b46a8af-2318-42b9-be09-342609fa11dd:autoScalingGroupName/pipeline-jcx-k8s-worker-asg1",
                            "availability_zones.#": "1",
                            "availability_zones.2487133097": "us-west-2a",
                            "default_cooldown": "300",
                            "desired_capacity": "12",
                            "force_delete": "false",
                            "health_check_grace_period": "300",
                            "health_check_type": "EC2",
                            "id": "pipeline-jcx-k8s-worker-asg1",
                            "launch_configuration": "terraform-005797761c8263cbf1ba56eaca",
                            "load_balancers.#": "0",
                            "max_size": "30",
                            "metrics_granularity": "1Minute",
                            "min_size": "12",
                            "name": "pipeline-jcx-k8s-worker-asg1",
                            "placement_group": "",
                            "protect_from_scale_in": "false",
                            "suspended_processes.#": "0",
                            "tag.#": "9",
                            "tag.1303904387.key": "KubernetesCluster",
                            "tag.1303904387.propagate_at_launch": "true",
                            "tag.1303904387.value": "us-west-2_jive-microservices-pipeline-jcx",
                            "tag.2157698622.key": "Hostname",
                            "tag.2157698622.propagate_at_launch": "true",
                            "tag.2157698622.value": "k8s-node1",
                            "tag.228639812.key": "Service_component",
                            "tag.228639812.propagate_at_launch": "true",
                            "tag.228639812.value": "k8s-node",
                            "tag.2529000289.key": "Pipeline_phase",
                            "tag.2529000289.propagate_at_launch": "true",
                            "tag.2529000289.value": "pipeline-jcx",
                            "tag.2805375662.key": "Name",
                            "tag.2805375662.propagate_at_launch": "true",
                            "tag.2805375662.value": "pipeline-jcx-k8s-worker-instance",
                            "tag.2842118257.key": "K8s_cluster",
                            "tag.2842118257.propagate_at_launch": "true",
                            "tag.2842118257.value": "us-west-2_jive-microservices-pipeline-jcx",
                            "tag.3767096825.key": "SLA",
                            "tag.3767096825.propagate_at_launch": "true",
                            "tag.3767096825.value": "non-prod",
                            "tag.405146573.key": "Jive_service",
                            "tag.405146573.propagate_at_launch": "true",
                            "tag.405146573.value": "us-west-2_jive-microservices-pipeline-jcx",
                            "tag.4279558224.key": "Region",
                            "tag.4279558224.propagate_at_launch": "true",
                            "tag.4279558224.value": "us-west-2",
                            "target_group_arns.#": "0",
                            "termination_policies.#": "0",
                            "vpc_zone_identifier.#": "1",
                            "vpc_zone_identifier.4072066306": "subnet-769ecd12",
                            "wait_for_capacity_timeout": "10m"
                        },
                        "meta": {},
                        "tainted": false
                    },
                    "deposed": [],
                    "provider": ""
                },
                "aws_autoscaling_group.k8s_worker_asg.1": {
                    "type": "aws_autoscaling_group",
                    "depends_on": [
                        "aws_launch_configuration.k8s_worker",
                        "null_resource.k8s_cluster"
                    ],
                    "primary": {
                        "id": "pipeline-jcx-k8s-worker-asg2",
                        "attributes": {
                            "arn": "arn:aws:autoscaling:us-west-2:811034720611:autoScalingGroup:69515107-8655-4e2e-b0dc-f70e91d9b9f9:autoScalingGroupName/pipeline-jcx-k8s-worker-asg2",
                            "availability_zones.#": "1",
                            "availability_zones.221770259": "us-west-2b",
                            "default_cooldown": "300",
                            "desired_capacity": "12",
                            "force_delete": "false",
                            "health_check_grace_period": "300",
                            "health_check_type": "EC2",
                            "id": "pipeline-jcx-k8s-worker-asg2",
                            "launch_configuration": "terraform-005797761c8263cbf1ba56eaca",
                            "load_balancers.#": "0",
                            "max_size": "30",
                            "metrics_granularity": "1Minute",
                            "min_size": "12",
                            "name": "pipeline-jcx-k8s-worker-asg2",
                            "placement_group": "",
                            "protect_from_scale_in": "false",
                            "suspended_processes.#": "0",
                            "tag.#": "9",
                            "tag.1303904387.key": "KubernetesCluster",
                            "tag.1303904387.propagate_at_launch": "true",
                            "tag.1303904387.value": "us-west-2_jive-microservices-pipeline-jcx",
                            "tag.228639812.key": "Service_component",
                            "tag.228639812.propagate_at_launch": "true",
                            "tag.228639812.value": "k8s-node",
                            "tag.2529000289.key": "Pipeline_phase",
                            "tag.2529000289.propagate_at_launch": "true",
                            "tag.2529000289.value": "pipeline-jcx",
                            "tag.2805375662.key": "Name",
                            "tag.2805375662.propagate_at_launch": "true",
                            "tag.2805375662.value": "pipeline-jcx-k8s-worker-instance",
                            "tag.2842118257.key": "K8s_cluster",
                            "tag.2842118257.propagate_at_launch": "true",
                            "tag.2842118257.value": "us-west-2_jive-microservices-pipeline-jcx",
                            "tag.2977154211.key": "Hostname",
                            "tag.2977154211.propagate_at_launch": "true",
                            "tag.2977154211.value": "k8s-node2",
                            "tag.3767096825.key": "SLA",
                            "tag.3767096825.propagate_at_launch": "true",
                            "tag.3767096825.value": "non-prod",
                            "tag.405146573.key": "Jive_service",
                            "tag.405146573.propagate_at_launch": "true",
                            "tag.405146573.value": "us-west-2_jive-microservices-pipeline-jcx",
                            "tag.4279558224.key": "Region",
                            "tag.4279558224.propagate_at_launch": "true",
                            "tag.4279558224.value": "us-west-2",
                            "target_group_arns.#": "0",
                            "termination_policies.#": "0",
                            "vpc_zone_identifier.#": "1",
                            "vpc_zone_identifier.2661833281": "subnet-0d177c7b",
                            "wait_for_capacity_timeout": "10m"
                        },
                        "meta": {},
                        "tainted": false
                    },
                    "deposed": [],
                    "provider": ""
                },
                "aws_autoscaling_group.k8s_worker_asg.2": {
                    "type": "aws_autoscaling_group",
                    "depends_on": [
                        "aws_launch_configuration.k8s_worker",
                        "null_resource.k8s_cluster"
                    ],
                    "primary": {
                        "id": "pipeline-jcx-k8s-worker-asg3",
                        "attributes": {
                            "arn": "arn:aws:autoscaling:us-west-2:811034720611:autoScalingGroup:560dabdf-dbc5-465f-9547-1c8a1a67ac88:autoScalingGroupName/pipeline-jcx-k8s-worker-asg3",
                            "availability_zones.#": "1",
                            "availability_zones.2050015877": "us-west-2c",
                            "default_cooldown": "300",
                            "desired_capacity": "12",
                            "force_delete": "false",
                            "health_check_grace_period": "300",
                            "health_check_type": "EC2",
                            "id": "pipeline-jcx-k8s-worker-asg3",
                            "launch_configuration": "terraform-005797761c8263cbf1ba56eaca",
                            "load_balancers.#": "0",
                            "max_size": "30",
                            "metrics_granularity": "1Minute",
                            "min_size": "12",
                            "name": "pipeline-jcx-k8s-worker-asg3",
                            "placement_group": "",
                            "protect_from_scale_in": "false",
                            "suspended_processes.#": "0",
                            "tag.#": "9",
                            "tag.1303904387.key": "KubernetesCluster",
                            "tag.1303904387.propagate_at_launch": "true",
                            "tag.1303904387.value": "us-west-2_jive-microservices-pipeline-jcx",
                            "tag.228639812.key": "Service_component",
                            "tag.228639812.propagate_at_launch": "true",
                            "tag.228639812.value": "k8s-node",
                            "tag.2529000289.key": "Pipeline_phase",
                            "tag.2529000289.propagate_at_launch": "true",
                            "tag.2529000289.value": "pipeline-jcx",
                            "tag.2805375662.key": "Name",
                            "tag.2805375662.propagate_at_launch": "true",
                            "tag.2805375662.value": "pipeline-jcx-k8s-worker-instance",
                            "tag.2842118257.key": "K8s_cluster",
                            "tag.2842118257.propagate_at_launch": "true",
                            "tag.2842118257.value": "us-west-2_jive-microservices-pipeline-jcx",
                            "tag.3767096825.key": "SLA",
                            "tag.3767096825.propagate_at_launch": "true",
                            "tag.3767096825.value": "non-prod",
                            "tag.386191127.key": "Hostname",
                            "tag.386191127.propagate_at_launch": "true",
                            "tag.386191127.value": "k8s-node3",
                            "tag.405146573.key": "Jive_service",
                            "tag.405146573.propagate_at_launch": "true",
                            "tag.405146573.value": "us-west-2_jive-microservices-pipeline-jcx",
                            "tag.4279558224.key": "Region",
                            "tag.4279558224.propagate_at_launch": "true",
                            "tag.4279558224.value": "us-west-2",
                            "target_group_arns.#": "0",
                            "termination_policies.#": "0",
                            "vpc_zone_identifier.#": "1",
                            "vpc_zone_identifier.2971708536": "subnet-89ab1ed1",
                            "wait_for_capacity_timeout": "10m"
                        },
                        "meta": {},
                        "tainted": false
                    },
                    "deposed": [],
                    "provider": ""
                },
                "aws_ebs_volume.k8s_etcd_ebs.0": {
                    "type": "aws_ebs_volume",
                    "depends_on": [
                        "data.aws_availability_zones.available",
                        "null_resource.k8s_cluster"
                    ],
                    "primary": {
                        "id": "vol-c080b349",
                        "attributes": {
                            "availability_zone": "us-west-2a",
                            "encrypted": "true",
                            "id": "vol-c080b349",
                            "kms_key_id": "arn:aws:kms:us-west-2:811034720611:key/a72e3d2f-ce96-4bd5-90d6-ecc8586b9d12",
                            "size": "20",
                            "snapshot_id": "",
                            "tags.%": "7",
                            "tags.Hostname": "us-west-2_jive-microservices-pipeline-jcx-etcd1",
                            "tags.Jive_service": "us-west-2_jive-microservices-pipeline-jcx",
                            "tags.Name": "pipeline-jcx-k8s_etcd-instance",
                            "tags.Pipeline_phase": "pipeline-jcx",
                            "tags.Region": "us-west-2",
                            "tags.SLA": "non-prod",
                            "tags.Service_component": "etcd",
                            "type": "gp2"
                        },
                        "meta": {},
                        "tainted": false
                    },
                    "deposed": [],
                    "provider": ""
                },
                "aws_ebs_volume.k8s_etcd_ebs.1": {
                    "type": "aws_ebs_volume",
                    "depends_on": [
                        "data.aws_availability_zones.available",
                        "null_resource.k8s_cluster"
                    ],
                    "primary": {
                        "id": "vol-f2f8c347",
                        "attributes": {
                            "availability_zone": "us-west-2b",
                            "encrypted": "true",
                            "id": "vol-f2f8c347",
                            "kms_key_id": "arn:aws:kms:us-west-2:811034720611:key/a72e3d2f-ce96-4bd5-90d6-ecc8586b9d12",
                            "size": "20",
                            "snapshot_id": "",
                            "tags.%": "7",
                            "tags.Hostname": "us-west-2_jive-microservices-pipeline-jcx-etcd2",
                            "tags.Jive_service": "us-west-2_jive-microservices-pipeline-jcx",
                            "tags.Name": "pipeline-jcx-k8s_etcd-instance",
                            "tags.Pipeline_phase": "pipeline-jcx",
                            "tags.Region": "us-west-2",
                            "tags.SLA": "non-prod",
                            "tags.Service_component": "etcd",
                            "type": "gp2"
                        },
                        "meta": {},
                        "tainted": false
                    },
                    "deposed": [],
                    "provider": ""
                },
                "aws_ebs_volume.k8s_etcd_ebs.2": {
                    "type": "aws_ebs_volume",
                    "depends_on": [
                        "data.aws_availability_zones.available",
                        "null_resource.k8s_cluster"
                    ],
                    "primary": {
                        "id": "vol-e4d9ee64",
                        "attributes": {
                            "availability_zone": "us-west-2c",
                            "encrypted": "true",
                            "id": "vol-e4d9ee64",
                            "kms_key_id": "arn:aws:kms:us-west-2:811034720611:key/a72e3d2f-ce96-4bd5-90d6-ecc8586b9d12",
                            "size": "20",
                            "snapshot_id": "",
                            "tags.%": "7",
                            "tags.Hostname": "us-west-2_jive-microservices-pipeline-jcx-etcd3",
                            "tags.Jive_service": "us-west-2_jive-microservices-pipeline-jcx",
                            "tags.Name": "pipeline-jcx-k8s_etcd-instance",
                            "tags.Pipeline_phase": "pipeline-jcx",
                            "tags.Region": "us-west-2",
                            "tags.SLA": "non-prod",
                            "tags.Service_component": "etcd",
                            "type": "gp2"
                        },
                        "meta": {},
                        "tainted": false
                    },
                    "deposed": [],
                    "provider": ""
                },
                "aws_ebs_volume.k8s_etcd_ebs.3": {
                    "type": "aws_ebs_volume",
                    "depends_on": [
                        "data.aws_availability_zones.available",
                        "null_resource.k8s_cluster"
                    ],
                    "primary": {
                        "id": "vol-0bb43b2afbb3dcd6b",
                        "attributes": {
                            "availability_zone": "us-west-2a",
                            "encrypted": "true",
                            "id": "vol-0bb43b2afbb3dcd6b",
                            "kms_key_id": "arn:aws:kms:us-west-2:811034720611:key/a72e3d2f-ce96-4bd5-90d6-ecc8586b9d12",
                            "size": "20",
                            "snapshot_id": "",
                            "tags.%": "7",
                            "tags.Hostname": "us-west-2_jive-microservices-pipeline-jcx-etcd4",
                            "tags.Jive_service": "us-west-2_jive-microservices-pipeline-jcx",
                            "tags.Name": "pipeline-jcx-k8s_etcd-instance",
                            "tags.Pipeline_phase": "pipeline-jcx",
                            "tags.Region": "us-west-2",
                            "tags.SLA": "non-prod",
                            "tags.Service_component": "etcd",
                            "type": "gp2"
                        },
                        "meta": {},
                        "tainted": false
                    },
                    "deposed": [],
                    "provider": ""
                },
                "aws_ebs_volume.k8s_etcd_ebs.4": {
                    "type": "aws_ebs_volume",
                    "depends_on": [
                        "data.aws_availability_zones.available",
                        "null_resource.k8s_cluster"
                    ],
                    "primary": {
                        "id": "vol-04f80fc44273c9846",
                        "attributes": {
                            "availability_zone": "us-west-2b",
                            "encrypted": "true",
                            "id": "vol-04f80fc44273c9846",
                            "kms_key_id": "arn:aws:kms:us-west-2:811034720611:key/a72e3d2f-ce96-4bd5-90d6-ecc8586b9d12",
                            "size": "20",
                            "snapshot_id": "",
                            "tags.%": "7",
                            "tags.Hostname": "us-west-2_jive-microservices-pipeline-jcx-etcd5",
                            "tags.Jive_service": "us-west-2_jive-microservices-pipeline-jcx",
                            "tags.Name": "pipeline-jcx-k8s_etcd-instance",
                            "tags.Pipeline_phase": "pipeline-jcx",
                            "tags.Region": "us-west-2",
                            "tags.SLA": "non-prod",
                            "tags.Service_component": "etcd",
                            "type": "gp2"
                        },
                        "meta": {},
                        "tainted": false
                    },
                    "deposed": [],
                    "provider": ""
                },
                "aws_ebs_volume.k8s_etcd_ebs.5": {
                    "type": "aws_ebs_volume",
                    "depends_on": [
                        "data.aws_availability_zones.available",
                        "null_resource.k8s_cluster"
                    ],
                    "primary": {
                        "id": "vol-03543e043edc1ed3f",
                        "attributes": {
                            "availability_zone": "us-west-2c",
                            "encrypted": "true",
                            "id": "vol-03543e043edc1ed3f",
                            "kms_key_id": "arn:aws:kms:us-west-2:811034720611:key/a72e3d2f-ce96-4bd5-90d6-ecc8586b9d12",
                            "size": "20",
                            "snapshot_id": "",
                            "tags.%": "7",
                            "tags.Hostname": "us-west-2_jive-microservices-pipeline-jcx-etcd6",
                            "tags.Jive_service": "us-west-2_jive-microservices-pipeline-jcx",
                            "tags.Name": "pipeline-jcx-k8s_etcd-instance",
                            "tags.Pipeline_phase": "pipeline-jcx",
                            "tags.Region": "us-west-2",
                            "tags.SLA": "non-prod",
                            "tags.Service_component": "etcd",
                            "type": "gp2"
                        },
                        "meta": {},
                        "tainted": false
                    },
                    "deposed": [],
                    "provider": ""
                },
                "aws_ebs_volume.k8s_master": {
                    "type": "aws_ebs_volume",
                    "depends_on": [
                        "null_resource.k8s_cluster"
                    ],
                    "primary": {
                        "id": "vol-3381b2ba",
                        "attributes": {
                            "availability_zone": "us-west-2a",
                            "encrypted": "true",
                            "id": "vol-3381b2ba",
                            "kms_key_id": "arn:aws:kms:us-west-2:811034720611:key/a72e3d2f-ce96-4bd5-90d6-ecc8586b9d12",
                            "size": "100",
                            "snapshot_id": "",
                            "tags.%": "7",
                            "tags.Hostname": "us-west-2_jive-microservices-pipeline-jcx-master1",
                            "tags.Jive_service": "us-west-2_jive-microservices-pipeline-jcx",
                            "tags.Name": "pipeline-jcx-k8s_master-instance",
                            "tags.Pipeline_phase": "pipeline-jcx",
                            "tags.Region": "us-west-2",
                            "tags.SLA": "non-prod",
                            "tags.Service_component": "k8s-master",
                            "type": "gp2"
                        },
                        "meta": {},
                        "tainted": false
                    },
                    "deposed": [],
                    "provider": ""
                },
                "aws_eip.k8s_etcd_eip.0": {
                    "type": "aws_eip",
                    "depends_on": [
                        "aws_network_interface.k8s_etcd"
                    ],
                    "primary": {
                        "id": "eipalloc-dbff03bc",
                        "attributes": {
                            "association_id": "eipassoc-26f4225e",
                            "domain": "vpc",
                            "id": "eipalloc-dbff03bc",
                            "instance": "i-09114d3baa8301ed1",
                            "network_interface": "eni-813eadfd",
                            "private_ip": "10.122.66.98",
                            "public_ip": "52.36.202.173",
                            "vpc": "true"
                        },
                        "meta": {},
                        "tainted": false
                    },
                    "deposed": [],
                    "provider": ""
                },
                "aws_eip.k8s_etcd_eip.1": {
                    "type": "aws_eip",
                    "depends_on": [
                        "aws_network_interface.k8s_etcd"
                    ],
                    "primary": {
                        "id": "eipalloc-55f90532",
                        "attributes": {
                            "association_id": "eipassoc-a8cb1dd0",
                            "domain": "vpc",
                            "id": "eipalloc-55f90532",
                            "instance": "i-0786da1c9ae24aca3",
                            "network_interface": "eni-00e9b84f",
                            "private_ip": "10.122.68.163",
                            "public_ip": "52.33.34.24",
                            "vpc": "true"
                        },
                        "meta": {},
                        "tainted": false
                    },
                    "deposed": [],
                    "provider": ""
                },
                "aws_eip.k8s_etcd_eip.2": {
                    "type": "aws_eip",
                    "depends_on": [
                        "aws_network_interface.k8s_etcd"
                    ],
                    "primary": {
                        "id": "eipalloc-fef90599",
                        "attributes": {
                            "association_id": "eipassoc-c5f422bd",
                            "domain": "vpc",
                            "id": "eipalloc-fef90599",
                            "instance": "i-0406154a04a2e6346",
                            "network_interface": "eni-79cbf926",
                            "private_ip": "10.122.73.46",
                            "public_ip": "52.41.252.73",
                            "vpc": "true"
                        },
                        "meta": {},
                        "tainted": false
                    },
                    "deposed": [],
                    "provider": ""
                },
                "aws_eip.k8s_etcd_eip.3": {
                    "type": "aws_eip",
                    "depends_on": [
                        "aws_network_interface.k8s_etcd"
                    ],
                    "primary": {
                        "id": "eipalloc-a84d62cf",
                        "attributes": {
                            "association_id": "eipassoc-827e96f8",
                            "domain": "vpc",
                            "id": "eipalloc-a84d62cf",
                            "instance": "i-04d88a60fd586f2d0",
                            "network_interface": "eni-e4bb5594",
                            "private_ip": "10.122.66.132",
                            "public_ip": "35.161.9.242",
                            "vpc": "true"
                        },
                        "meta": {},
                        "tainted": false
                    },
                    "deposed": [],
                    "provider": ""
                },
                "aws_eip.k8s_etcd_eip.4": {
                    "type": "aws_eip",
                    "depends_on": [
                        "aws_network_interface.k8s_etcd"
                    ],
                    "primary": {
                        "id": "eipalloc-e24f6085",
                        "attributes": {
                            "association_id": "eipassoc-e37e9699",
                            "domain": "vpc",
                            "id": "eipalloc-e24f6085",
                            "instance": "i-0ecb96e76e9b938c1",
                            "network_interface": "eni-2e68046d",
                            "private_ip": "10.122.70.162",
                            "public_ip": "35.163.32.142",
                            "vpc": "true"
                        },
                        "meta": {},
                        "tainted": false
                    },
                    "deposed": [],
                    "provider": ""
                },
                "aws_eip.k8s_etcd_eip.5": {
                    "type": "aws_eip",
                    "depends_on": [
                        "aws_network_interface.k8s_etcd"
                    ],
                    "primary": {
                        "id": "eipalloc-c7715ea0",
                        "attributes": {
                            "association_id": "eipassoc-5d709827",
                            "domain": "vpc",
                            "id": "eipalloc-c7715ea0",
                            "instance": "i-0b9b9d1c6acba03b8",
                            "network_interface": "eni-22d1eb72",
                            "private_ip": "10.122.74.145",
                            "public_ip": "35.162.77.21",
                            "vpc": "true"
                        },
                        "meta": {},
                        "tainted": false
                    },
                    "deposed": [],
                    "provider": ""
                },
                "aws_eip.k8s_master_eip": {
                    "type": "aws_eip",
                    "depends_on": [],
                    "primary": {
                        "id": "eipalloc-56f90531",
                        "attributes": {
                            "association_id": "eipassoc-0ea25b32",
                            "domain": "vpc",
                            "id": "eipalloc-56f90531",
                            "instance": "i-0b5ae4dcf7af5c52c",
                            "network_interface": "eni-618da14d",
                            "private_ip": "10.122.67.15",
                            "public_ip": "52.42.7.48",
                            "vpc": "true"
                        },
                        "meta": {},
                        "tainted": false
                    },
                    "deposed": [],
                    "provider": ""
                },
                "aws_elb.k8s_master": {
                    "type": "aws_elb",
                    "depends_on": [
                        "aws_security_group.k8s_master_instance",
                        "null_resource.k8s_cluster"
                    ],
                    "primary": {
                        "id": "pipeline-jcx-k8s-master-elb",
                        "attributes": {
                            "access_logs.#": "0",
                            "availability_zones.#": "1",
                            "availability_zones.2487133097": "us-west-2a",
                            "connection_draining": "false",
                            "connection_draining_timeout": "300",
                            "cross_zone_load_balancing": "true",
                            "dns_name": "internal-pipeline-jcx-k8s-master-elb-1875144973.us-west-2.elb.amazonaws.com",
                            "health_check.#": "1",
                            "health_check.0.healthy_threshold": "2",
                            "health_check.0.interval": "30",
                            "health_check.0.target": "TCP:443",
                            "health_check.0.timeout": "3",
                            "health_check.0.unhealthy_threshold": "2",
                            "id": "pipeline-jcx-k8s-master-elb",
                            "idle_timeout": "1800",
                            "instances.#": "1",
                            "instances.2126631011": "i-0b5ae4dcf7af5c52c",
                            "internal": "true",
                            "listener.#": "1",
                            "listener.610193557.instance_port": "443",
                            "listener.610193557.instance_protocol": "tcp",
                            "listener.610193557.lb_port": "443",
                            "listener.610193557.lb_protocol": "tcp",
                            "listener.610193557.ssl_certificate_id": "",
                            "name": "pipeline-jcx-k8s-master-elb",
                            "security_groups.#": "2",
                            "security_groups.2179171389": "sg-c0aba9a6",
                            "security_groups.3086719963": "sg-715c5a17",
                            "source_security_group": "811034720611/pipeline-jcx-instance",
                            "source_security_group_id": "sg-715c5a17",
                            "subnets.#": "1",
                            "subnets.4072066306": "subnet-769ecd12",
                            "tags.%": "7",
                            "tags.Hostname": "us-west-2_jive-microservices-pipeline-jcx-master1",
                            "tags.Jive_service": "us-west-2_jive-microservices-pipeline-jcx",
                            "tags.Name": "pipeline-jcx-k8s_master-elb",
                            "tags.Pipeline_phase": "pipeline-jcx",
                            "tags.Region": "us-west-2",
                            "tags.SLA": "non-prod",
                            "tags.Service_component": "k8s-master",
                            "zone_id": "Z1H1FL5HABSF5"
                        },
                        "meta": {},
                        "tainted": false
                    },
                    "deposed": [],
                    "provider": ""
                },
                "aws_iam_instance_profile.k8s-master": {
                    "type": "aws_iam_instance_profile",
                    "depends_on": [
                        "aws_iam_role.k8s-master",
                        "null_resource.k8s_cluster"
                    ],
                    "primary": {
                        "id": "us-west-2_jive-microservices-pipeline-jcx-k8s-master-profile",
                        "attributes": {
                            "arn": "arn:aws:iam::811034720611:instance-profile/us-west-2_jive-microservices-pipeline-jcx-k8s-master-profile",
                            "id": "us-west-2_jive-microservices-pipeline-jcx-k8s-master-profile",
                            "name": "us-west-2_jive-microservices-pipeline-jcx-k8s-master-profile",
                            "path": "/",
                            "role": "us-west-2_jive-microservices-pipeline-jcx-master-role",
                            "roles.#": "1",
                            "roles.429601628": "us-west-2_jive-microservices-pipeline-jcx-master-role",
                            "unique_id": "AIPAJXEJT237XDX4A6YRY"
                        },
                        "meta": {},
                        "tainted": false
                    },
                    "deposed": [],
                    "provider": ""
                },
                "aws_iam_instance_profile.k8s-node": {
                    "type": "aws_iam_instance_profile",
                    "depends_on": [
                        "aws_iam_role.k8s-node",
                        "null_resource.k8s_cluster"
                    ],
                    "primary": {
                        "id": "us-west-2_jive-microservices-pipeline-jcx-k8s-node-profile",
                        "attributes": {
                            "arn": "arn:aws:iam::811034720611:instance-profile/us-west-2_jive-microservices-pipeline-jcx-k8s-node-profile",
                            "id": "us-west-2_jive-microservices-pipeline-jcx-k8s-node-profile",
                            "name": "us-west-2_jive-microservices-pipeline-jcx-k8s-node-profile",
                            "path": "/",
                            "role": "us-west-2_jive-microservices-pipeline-jcx-node-role",
                            "roles.#": "1",
                            "roles.1801719289": "us-west-2_jive-microservices-pipeline-jcx-node-role",
                            "unique_id": "AIPAJE4BU5AH6JQNYOVUA"
                        },
                        "meta": {},
                        "tainted": false
                    },
                    "deposed": [],
                    "provider": ""
                },
                "aws_iam_role.k8s-master": {
                    "type": "aws_iam_role",
                    "depends_on": [
                        "null_resource.k8s_cluster"
                    ],
                    "primary": {
                        "id": "us-west-2_jive-microservices-pipeline-jcx-master-role",
                        "attributes": {
                            "arn": "arn:aws:iam::811034720611:role/us-west-2_jive-microservices-pipeline-jcx-master-role",
                            "assume_role_policy": "{\"Version\":\"2012-10-17\",\"Statement\":[{\"Sid\":\"\",\"Effect\":\"Allow\",\"Principal\":{\"Service\":\"ec2.amazonaws.com\"},\"Action\":\"sts:AssumeRole\"}]}",
                            "create_date": "2016-08-18T20:26:16Z",
                            "id": "us-west-2_jive-microservices-pipeline-jcx-master-role",
                            "name": "us-west-2_jive-microservices-pipeline-jcx-master-role",
                            "path": "/",
                            "unique_id": "AROAIQL4X27KCI2QINUF2"
                        },
                        "meta": {},
                        "tainted": false
                    },
                    "deposed": [],
                    "provider": ""
                },
                "aws_iam_role.k8s-node": {
                    "type": "aws_iam_role",
                    "depends_on": [
                        "null_resource.k8s_cluster"
                    ],
                    "primary": {
                        "id": "us-west-2_jive-microservices-pipeline-jcx-node-role",
                        "attributes": {
                            "arn": "arn:aws:iam::811034720611:role/us-west-2_jive-microservices-pipeline-jcx-node-role",
                            "assume_role_policy": "{\"Version\":\"2012-10-17\",\"Statement\":[{\"Sid\":\"\",\"Effect\":\"Allow\",\"Principal\":{\"Service\":\"ec2.amazonaws.com\"},\"Action\":\"sts:AssumeRole\"}]}",
                            "create_date": "2016-08-18T20:26:16Z",
                            "id": "us-west-2_jive-microservices-pipeline-jcx-node-role",
                            "name": "us-west-2_jive-microservices-pipeline-jcx-node-role",
                            "path": "/",
                            "unique_id": "AROAJTS2UENXN5A6NG266"
                        },
                        "meta": {},
                        "tainted": false
                    },
                    "deposed": [],
                    "provider": ""
                },
                "aws_iam_role_policy.k8s-master": {
                    "type": "aws_iam_role_policy",
                    "depends_on": [
                        "aws_iam_role.k8s-master",
                        "null_resource.k8s_cluster"
                    ],
                    "primary": {
                        "id": "us-west-2_jive-microservices-pipeline-jcx-master-role:us-west-2_jive-microservices-pipeline-jcx-master-policy",
                        "attributes": {
                            "id": "us-west-2_jive-microservices-pipeline-jcx-master-role:us-west-2_jive-microservices-pipeline-jcx-master-policy",
                            "name": "us-west-2_jive-microservices-pipeline-jcx-master-policy",
                            "policy": "{\n    \"Version\": \"2012-10-17\",\n    \"Statement\": [\n        {\n            \"Effect\": \"Allow\",\n            \"Action\": [\"ec2:*\"],\n            \"Resource\": [\"*\"]\n        },\n        {\n            \"Effect\": \"Allow\",\n            \"Action\": [\"elasticloadbalancing:*\"],\n            \"Resource\": [\"*\"]\n        },\n        {\n            \"Effect\": \"Allow\",\n            \"Action\": [\n                \"ec2:Describe*\",\n                \"ec2:AttachVolume\",\n                \"ec2:DetachVolume\",\n                \"route53:ListHostedZones\",\n                \"route53:ListResourceRecordSets\",\n                \"rds:Describe*\",\n                \"elasticache:Describe*\",\n                \"s3:GetObject\",\n                \"s3:PutObject\",\n                \"s3:ListAllMyBuckets\",\n                \"s3:ListBucket\",\n                \"s3:GetBucketLocation\"\n            ],\n            \"Resource\": \"*\"\n        }\n    ]\n}\n",
                            "role": "us-west-2_jive-microservices-pipeline-jcx-master-role"
                        },
                        "meta": {},
                        "tainted": false
                    },
                    "deposed": [],
                    "provider": ""
                },
                "aws_iam_role_policy.k8s-node": {
                    "type": "aws_iam_role_policy",
                    "depends_on": [
                        "aws_iam_role.k8s-node",
                        "null_resource.k8s_cluster"
                    ],
                    "primary": {
                        "id": "us-west-2_jive-microservices-pipeline-jcx-node-role:us-west-2_jive-microservices-pipeline-jcx-node-policy",
                        "attributes": {
                            "id": "us-west-2_jive-microservices-pipeline-jcx-node-role:us-west-2_jive-microservices-pipeline-jcx-node-policy",
                            "name": "us-west-2_jive-microservices-pipeline-jcx-node-policy",
                            "policy": "{\n    \"Version\": \"2012-10-17\",\n    \"Statement\": [\n        {\n            \"Effect\": \"Allow\",\n            \"Action\": [\n                \"ec2:Describe*\",\n                \"ec2:AttachVolume\",\n                \"ec2:DetachVolume\",\n                \"ec2:AttachNetworkInterface\",\n                \"ec2:DetachNetworkInterface\",\n                \"route53:ListHostedZones\",\n                \"route53:ListResourceRecordSets\",\n                \"rds:Describe*\",\n                \"elasticache:Describe*\",\n                \"s3:GetObject\",\n                \"s3:ListAllMyBuckets\",\n                \"s3:ListBucket\",\n                \"s3:PutObject\",\n                \"s3:CreateBucket\",\n                \"s3:GetBucketLocation\"\n            ],\n            \"Resource\": \"*\"\n        }\n    ]\n}\n",
                            "role": "us-west-2_jive-microservices-pipeline-jcx-node-role"
                        },
                        "meta": {},
                        "tainted": false
                    },
                    "deposed": [],
                    "provider": ""
                },
                "aws_launch_configuration.k8s_etcd": {
                    "type": "aws_launch_configuration",
                    "depends_on": [
                        "aws_iam_instance_profile.k8s-node",
                        "aws_security_group.k8s_etcd_instance",
                        "data.template_file.cloud_config"
                    ],
                    "primary": {
                        "id": "terraform-00ccf4f844a52be7b0a0956ffb",
                        "attributes": {
                            "associate_public_ip_address": "false",
                            "ebs_block_device.#": "0",
                            "ebs_optimized": "false",
                            "enable_monitoring": "true",
                            "ephemeral_block_device.#": "0",
                            "iam_instance_profile": "us-west-2_jive-microservices-pipeline-jcx-k8s-node-profile",
                            "id": "terraform-00ccf4f844a52be7b0a0956ffb",
                            "image_id": "ami-9f46e7ff",
                            "instance_type": "t2.medium",
                            "key_name": "plops-ms-pipeline-jcx-k8s",
                            "name": "terraform-00ccf4f844a52be7b0a0956ffb",
                            "root_block_device.#": "1",
                            "root_block_device.0.delete_on_termination": "true",
                            "root_block_device.0.iops": "0",
                            "root_block_device.0.volume_size": "20",
                            "root_block_device.0.volume_type": "gp2",
                            "security_groups.#": "2",
                            "security_groups.2435061409": "sg-dbaba9bd",
                            "security_groups.3086719963": "sg-715c5a17",
                            "spot_price": "",
                            "user_data": "849e403df53e18ea842d942c89328670258da6a2",
                            "vpc_classic_link_id": "",
                            "vpc_classic_link_security_groups.#": "0"
                        },
                        "meta": {},
                        "tainted": false
                    },
                    "deposed": [],
                    "provider": ""
                },
                "aws_launch_configuration.k8s_master": {
                    "type": "aws_launch_configuration",
                    "depends_on": [
                        "aws_iam_instance_profile.k8s-master",
                        "aws_security_group.k8s_master_instance",
                        "data.template_file.cloud_config"
                    ],
                    "primary": {
                        "id": "terraform-00ccf4f844a52be7b0a0956ffa",
                        "attributes": {
                            "associate_public_ip_address": "false",
                            "ebs_block_device.#": "0",
                            "ebs_optimized": "false",
                            "enable_monitoring": "true",
                            "ephemeral_block_device.#": "0",
                            "iam_instance_profile": "us-west-2_jive-microservices-pipeline-jcx-k8s-master-profile",
                            "id": "terraform-00ccf4f844a52be7b0a0956ffa",
                            "image_id": "ami-9f46e7ff",
                            "instance_type": "m4.2xlarge",
                            "key_name": "plops-ms-pipeline-jcx-k8s",
                            "name": "terraform-00ccf4f844a52be7b0a0956ffa",
                            "root_block_device.#": "1",
                            "root_block_device.0.delete_on_termination": "true",
                            "root_block_device.0.iops": "0",
                            "root_block_device.0.volume_size": "100",
                            "root_block_device.0.volume_type": "gp2",
                            "security_groups.#": "2",
                            "security_groups.2179171389": "sg-c0aba9a6",
                            "security_groups.3086719963": "sg-715c5a17",
                            "spot_price": "",
                            "user_data": "849e403df53e18ea842d942c89328670258da6a2",
                            "vpc_classic_link_id": "",
                            "vpc_classic_link_security_groups.#": "0"
                        },
                        "meta": {},
                        "tainted": false
                    },
                    "deposed": [],
                    "provider": ""
                },
                "aws_launch_configuration.k8s_worker": {
                    "type": "aws_launch_configuration",
                    "depends_on": [],
                    "primary": {
                        "id": "terraform-005797761c8263cbf1ba56eaca",
                        "attributes": {
                            "associate_public_ip_address": "false",
                            "ebs_block_device.#": "0",
                            "ebs_optimized": "false",
                            "enable_monitoring": "true",
                            "ephemeral_block_device.#": "0",
                            "iam_instance_profile": "us-west-2_jive-microservices-pipeline-jcx-k8s-node-profile",
                            "id": "terraform-005797761c8263cbf1ba56eaca",
                            "image_id": "ami-9f46e7ff",
                            "instance_type": "m4.4xlarge",
                            "key_name": "plops-ms-pipeline-jcx-k8s",
                            "name": "terraform-005797761c8263cbf1ba56eaca",
                            "root_block_device.#": "1",
                            "root_block_device.0.delete_on_termination": "true",
                            "root_block_device.0.iops": "0",
                            "root_block_device.0.volume_size": "50",
                            "root_block_device.0.volume_type": "gp2",
                            "security_groups.#": "2",
                            "security_groups.2186872271": "sg-d5aba9b3",
                            "security_groups.3086719963": "sg-715c5a17",
                            "spot_price": "",
                            "user_data": "849e403df53e18ea842d942c89328670258da6a2",
                            "vpc_classic_link_id": "",
                            "vpc_classic_link_security_groups.#": "0"
                        },
                        "meta": {},
                        "tainted": false
                    },
                    "deposed": [],
                    "provider": ""
                },
                "aws_network_interface.k8s_etcd.0": {
                    "type": "aws_network_interface",
                    "depends_on": [
                        "aws_security_group.k8s_etcd_instance",
                        "data.aws_subnet.natdc",
                        "null_resource.k8s_cluster"
                    ],
                    "primary": {
                        "id": "eni-813eadfd",
                        "attributes": {
                            "attachment.#": "1",
                            "attachment.373433306.attachment_id": "eni-attach-c6286a2d",
                            "attachment.373433306.device_index": "1",
                            "attachment.373433306.instance": "i-09114d3baa8301ed1",
                            "description": "",
                            "id": "eni-813eadfd",
                            "private_ip": "10.122.66.98",
                            "private_ips.#": "1",
                            "private_ips.2653626434": "10.122.66.98",
                            "security_groups.#": "2",
                            "security_groups.2435061409": "sg-dbaba9bd",
                            "security_groups.3086719963": "sg-715c5a17",
                            "source_dest_check": "true",
                            "subnet_id": "subnet-769ecd12",
                            "tags.%": "8",
                            "tags.Hostname": "us-west-2_jive-microservices-pipeline-jcx-etcd1",
                            "tags.Jive_service": "us-west-2_jive-microservices-pipeline-jcx",
                            "tags.KubernetesCluster": "us-west-2_jive-microservices-pipeline-jcx",
                            "tags.Name": "pipeline-jcx-k8s-etcd-instance",
                            "tags.Pipeline_phase": "pipeline-jcx",
                            "tags.Region": "us-west-2",
                            "tags.SLA": "non-prod",
                            "tags.Service_component": "k8s-etcd"
                        },
                        "meta": {},
                        "tainted": false
                    },
                    "deposed": [],
                    "provider": ""
                },
                "aws_network_interface.k8s_etcd.1": {
                    "type": "aws_network_interface",
                    "depends_on": [
                        "aws_security_group.k8s_etcd_instance",
                        "data.aws_subnet.natdc",
                        "null_resource.k8s_cluster"
                    ],
                    "primary": {
                        "id": "eni-00e9b84f",
                        "attributes": {
                            "attachment.#": "1",
                            "attachment.4014034127.attachment_id": "eni-attach-3d3ef0d1",
                            "attachment.4014034127.device_index": "1",
                            "attachment.4014034127.instance": "i-0786da1c9ae24aca3",
                            "description": "",
                            "id": "eni-00e9b84f",
                            "private_ip": "10.122.68.163",
                            "private_ips.#": "1",
                            "private_ips.3661514576": "10.122.68.163",
                            "security_groups.#": "2",
                            "security_groups.2435061409": "sg-dbaba9bd",
                            "security_groups.3086719963": "sg-715c5a17",
                            "source_dest_check": "true",
                            "subnet_id": "subnet-0d177c7b",
                            "tags.%": "8",
                            "tags.Hostname": "us-west-2_jive-microservices-pipeline-jcx-etcd2",
                            "tags.Jive_service": "us-west-2_jive-microservices-pipeline-jcx",
                            "tags.KubernetesCluster": "us-west-2_jive-microservices-pipeline-jcx",
                            "tags.Name": "pipeline-jcx-k8s-etcd-instance",
                            "tags.Pipeline_phase": "pipeline-jcx",
                            "tags.Region": "us-west-2",
                            "tags.SLA": "non-prod",
                            "tags.Service_component": "k8s-etcd"
                        },
                        "meta": {},
                        "tainted": false
                    },
                    "deposed": [],
                    "provider": ""
                },
                "aws_network_interface.k8s_etcd.2": {
                    "type": "aws_network_interface",
                    "depends_on": [
                        "aws_security_group.k8s_etcd_instance",
                        "data.aws_subnet.natdc",
                        "null_resource.k8s_cluster"
                    ],
                    "primary": {
                        "id": "eni-79cbf926",
                        "attributes": {
                            "attachment.#": "1",
                            "attachment.548035837.attachment_id": "eni-attach-04be7fe1",
                            "attachment.548035837.device_index": "1",
                            "attachment.548035837.instance": "i-0406154a04a2e6346",
                            "description": "",
                            "id": "eni-79cbf926",
                            "private_ip": "10.122.73.46",
                            "private_ips.#": "1",
                            "private_ips.3330517642": "10.122.73.46",
                            "security_groups.#": "2",
                            "security_groups.2435061409": "sg-dbaba9bd",
                            "security_groups.3086719963": "sg-715c5a17",
                            "source_dest_check": "true",
                            "subnet_id": "subnet-89ab1ed1",
                            "tags.%": "8",
                            "tags.Hostname": "us-west-2_jive-microservices-pipeline-jcx-etcd3",
                            "tags.Jive_service": "us-west-2_jive-microservices-pipeline-jcx",
                            "tags.KubernetesCluster": "us-west-2_jive-microservices-pipeline-jcx",
                            "tags.Name": "pipeline-jcx-k8s-etcd-instance",
                            "tags.Pipeline_phase": "pipeline-jcx",
                            "tags.Region": "us-west-2",
                            "tags.SLA": "non-prod",
                            "tags.Service_component": "k8s-etcd"
                        },
                        "meta": {},
                        "tainted": false
                    },
                    "deposed": [],
                    "provider": ""
                },
                "aws_network_interface.k8s_etcd.3": {
                    "type": "aws_network_interface",
                    "depends_on": [
                        "aws_security_group.k8s_etcd_instance",
                        "data.aws_subnet.natdc",
                        "null_resource.k8s_cluster"
                    ],
                    "primary": {
                        "id": "eni-e4bb5594",
                        "attributes": {
                            "attachment.#": "1",
                            "attachment.2996120199.attachment_id": "eni-attach-008dceeb",
                            "attachment.2996120199.device_index": "1",
                            "attachment.2996120199.instance": "i-04d88a60fd586f2d0",
                            "description": "",
                            "id": "eni-e4bb5594",
                            "private_ip": "10.122.66.132",
                            "private_ips.#": "1",
                            "private_ips.1870544354": "10.122.66.132",
                            "security_groups.#": "2",
                            "security_groups.2435061409": "sg-dbaba9bd",
                            "security_groups.3086719963": "sg-715c5a17",
                            "source_dest_check": "true",
                            "subnet_id": "subnet-769ecd12",
                            "tags.%": "8",
                            "tags.Hostname": "us-west-2_jive-microservices-pipeline-jcx-etcd4",
                            "tags.Jive_service": "us-west-2_jive-microservices-pipeline-jcx",
                            "tags.KubernetesCluster": "us-west-2_jive-microservices-pipeline-jcx",
                            "tags.Name": "pipeline-jcx-k8s-etcd-instance",
                            "tags.Pipeline_phase": "pipeline-jcx",
                            "tags.Region": "us-west-2",
                            "tags.SLA": "non-prod",
                            "tags.Service_component": "k8s-etcd"
                        },
                        "meta": {},
                        "tainted": false
                    },
                    "deposed": [],
                    "provider": ""
                },
                "aws_network_interface.k8s_etcd.4": {
                    "type": "aws_network_interface",
                    "depends_on": [
                        "aws_security_group.k8s_etcd_instance",
                        "data.aws_subnet.natdc",
                        "null_resource.k8s_cluster"
                    ],
                    "primary": {
                        "id": "eni-2e68046d",
                        "attributes": {
                            "attachment.#": "1",
                            "attachment.1019094251.attachment_id": "eni-attach-f1874e1d",
                            "attachment.1019094251.device_index": "1",
                            "attachment.1019094251.instance": "i-0ecb96e76e9b938c1",
                            "description": "",
                            "id": "eni-2e68046d",
                            "private_ip": "10.122.70.162",
                            "private_ips.#": "1",
                            "private_ips.1444278178": "10.122.70.162",
                            "security_groups.#": "2",
                            "security_groups.2435061409": "sg-dbaba9bd",
                            "security_groups.3086719963": "sg-715c5a17",
                            "source_dest_check": "true",
                            "subnet_id": "subnet-0d177c7b",
                            "tags.%": "8",
                            "tags.Hostname": "us-west-2_jive-microservices-pipeline-jcx-etcd5",
                            "tags.Jive_service": "us-west-2_jive-microservices-pipeline-jcx",
                            "tags.KubernetesCluster": "us-west-2_jive-microservices-pipeline-jcx",
                            "tags.Name": "pipeline-jcx-k8s-etcd-instance",
                            "tags.Pipeline_phase": "pipeline-jcx",
                            "tags.Region": "us-west-2",
                            "tags.SLA": "non-prod",
                            "tags.Service_component": "k8s-etcd"
                        },
                        "meta": {},
                        "tainted": false
                    },
                    "deposed": [],
                    "provider": ""
                },
                "aws_network_interface.k8s_etcd.5": {
                    "type": "aws_network_interface",
                    "depends_on": [
                        "aws_security_group.k8s_etcd_instance",
                        "data.aws_subnet.natdc",
                        "null_resource.k8s_cluster"
                    ],
                    "primary": {
                        "id": "eni-22d1eb72",
                        "attributes": {
                            "attachment.#": "1",
                            "attachment.2731215745.attachment_id": "eni-attach-6d61a788",
                            "attachment.2731215745.device_index": "1",
                            "attachment.2731215745.instance": "i-0b9b9d1c6acba03b8",
                            "description": "",
                            "id": "eni-22d1eb72",
                            "private_ip": "10.122.74.145",
                            "private_ips.#": "1",
                            "private_ips.264748611": "10.122.74.145",
                            "security_groups.#": "2",
                            "security_groups.2435061409": "sg-dbaba9bd",
                            "security_groups.3086719963": "sg-715c5a17",
                            "source_dest_check": "true",
                            "subnet_id": "subnet-89ab1ed1",
                            "tags.%": "8",
                            "tags.Hostname": "us-west-2_jive-microservices-pipeline-jcx-etcd6",
                            "tags.Jive_service": "us-west-2_jive-microservices-pipeline-jcx",
                            "tags.KubernetesCluster": "us-west-2_jive-microservices-pipeline-jcx",
                            "tags.Name": "pipeline-jcx-k8s-etcd-instance",
                            "tags.Pipeline_phase": "pipeline-jcx",
                            "tags.Region": "us-west-2",
                            "tags.SLA": "non-prod",
                            "tags.Service_component": "k8s-etcd"
                        },
                        "meta": {},
                        "tainted": false
                    },
                    "deposed": [],
                    "provider": ""
                },
                "aws_s3_bucket.logging": {
                    "type": "aws_s3_bucket",
                    "depends_on": [
                        "data.aws_iam_policy_document.logging"
                    ],
                    "primary": {
                        "id": "us-west-2-jive-microservices-pipeline-jcx-logs",
                        "attributes": {
                            "acceleration_status": "",
                            "acl": "private",
                            "arn": "arn:aws:s3:::us-west-2-jive-microservices-pipeline-jcx-logs",
                            "bucket": "us-west-2-jive-microservices-pipeline-jcx-logs",
                            "bucket_domain_name": "us-west-2-jive-microservices-pipeline-jcx-logs.s3.amazonaws.com",
                            "force_destroy": "false",
                            "hosted_zone_id": "Z3BJ6K6RIION7M",
                            "id": "us-west-2-jive-microservices-pipeline-jcx-logs",
                            "logging.#": "0",
                            "policy": "{\"Statement\":[{\"Action\":\"s3:PutObject\",\"Effect\":\"Allow\",\"Principal\":{\"AWS\":[\"arn:aws:iam::811034720611:role/us-west-2_jive-microservices-pipeline-jcx-master-role\",\"arn:aws:iam::811034720611:role/us-west-2_jive-microservices-pipeline-jcx-node-role\"]},\"Resource\":\"arn:aws:s3:::us-west-2-jive-microservices-pipeline-jcx-logs/*\",\"Sid\":\"Logs\"}],\"Version\":\"2012-10-17\"}",
                            "region": "us-west-2",
                            "request_payer": "BucketOwner",
                            "tags.%": "5",
                            "tags.KubernetesCluster": "us-west-2_jive-microservices-pipeline-jcx",
                            "tags.Name": "us-west-2-jive-microservices-pipeline-jcx-logs",
                            "tags.pipeline_phase": "pipeline-jcx",
                            "tags.region": "us-west-2",
                            "tags.service_component": "logs",
                            "versioning.#": "1",
                            "versioning.0.enabled": "false",
                            "versioning.0.mfa_delete": "false",
                            "website.#": "0"
                        },
                        "meta": {},
                        "tainted": false
                    },
                    "deposed": [],
                    "provider": ""
                },
                "aws_security_group.k8s_etcd_instance": {
                    "type": "aws_security_group",
                    "depends_on": [
                        "aws_security_group.k8s_master_instance",
                        "aws_security_group.k8s_worker_instance",
                        "null_resource.k8s_cluster"
                    ],
                    "primary": {
                        "id": "sg-dbaba9bd",
                        "attributes": {
                            "description": "Access to K8S etcd nodes",
                            "egress.#": "0",
                            "id": "sg-dbaba9bd",
                            "ingress.#": "2",
                            "ingress.299266994.cidr_blocks.#": "0",
                            "ingress.299266994.from_port": "2379",
                            "ingress.299266994.ipv6_cidr_blocks.#": "0",
                            "ingress.299266994.protocol": "tcp",
                            "ingress.299266994.security_groups.#": "2",
                            "ingress.299266994.security_groups.2179171389": "sg-c0aba9a6",
                            "ingress.299266994.security_groups.2186872271": "sg-d5aba9b3",
                            "ingress.299266994.self": "true",
                            "ingress.299266994.to_port": "2379",
                            "ingress.900145448.cidr_blocks.#": "0",
                            "ingress.900145448.from_port": "2380",
                            "ingress.900145448.ipv6_cidr_blocks.#": "0",
                            "ingress.900145448.protocol": "tcp",
                            "ingress.900145448.security_groups.#": "2",
                            "ingress.900145448.security_groups.2179171389": "sg-c0aba9a6",
                            "ingress.900145448.security_groups.2186872271": "sg-d5aba9b3",
                            "ingress.900145448.self": "true",
                            "ingress.900145448.to_port": "2380",
                            "name": "us-west-2_jive-microservices-pipeline-jcx-kubernetes-etcd-instance",
                            "owner_id": "811034720611",
                            "tags.%": "6",
                            "tags.Name": "us-west-2_jive-microservices-pipeline-jcx-etcd-instance",
                            "tags.jive_service": "",
                            "tags.pipeline_phase": "pipeline-jcx",
                            "tags.region": "us-west-2",
                            "tags.service_component": "k8s-etcd",
                            "tags.sla": "non-prod",
                            "vpc_id": "vpc-52c5e836"
                        },
                        "meta": {},
                        "tainted": false
                    },
                    "deposed": [],
                    "provider": ""
                },
                "aws_security_group.k8s_master_instance": {
                    "type": "aws_security_group",
                    "depends_on": [
                        "null_resource.k8s_cluster"
                    ],
                    "primary": {
                        "id": "sg-c0aba9a6",
                        "attributes": {
                            "description": "Access to K8S Master nodes",
                            "egress.#": "0",
                            "id": "sg-c0aba9a6",
                            "ingress.#": "3",
                            "ingress.2196514272.cidr_blocks.#": "0",
                            "ingress.2196514272.from_port": "0",
                            "ingress.2196514272.ipv6_cidr_blocks.#": "0",
                            "ingress.2196514272.protocol": "-1",
                            "ingress.2196514272.security_groups.#": "1",
                            "ingress.2196514272.security_groups.2186872271": "sg-d5aba9b3",
                            "ingress.2196514272.self": "false",
                            "ingress.2196514272.to_port": "0",
                            "ingress.2885713073.cidr_blocks.#": "1",
                            "ingress.2885713073.cidr_blocks.0": "10.0.0.0/8",
                            "ingress.2885713073.from_port": "8080",
                            "ingress.2885713073.ipv6_cidr_blocks.#": "0",
                            "ingress.2885713073.protocol": "tcp",
                            "ingress.2885713073.security_groups.#": "0",
                            "ingress.2885713073.self": "true",
                            "ingress.2885713073.to_port": "8080",
                            "ingress.691539513.cidr_blocks.#": "1",
                            "ingress.691539513.cidr_blocks.0": "10.0.0.0/8",
                            "ingress.691539513.from_port": "443",
                            "ingress.691539513.ipv6_cidr_blocks.#": "0",
                            "ingress.691539513.protocol": "tcp",
                            "ingress.691539513.security_groups.#": "0",
                            "ingress.691539513.self": "true",
                            "ingress.691539513.to_port": "443",
                            "name": "us-west-2_jive-microservices-pipeline-jcx-master-instance",
                            "owner_id": "811034720611",
                            "tags.%": "6",
                            "tags.Name": "us-west-2_jive-microservices-pipeline-jcx-master-instance",
                            "tags.jive_service": "",
                            "tags.pipeline_phase": "pipeline-jcx",
                            "tags.region": "us-west-2",
                            "tags.service_component": "k8s-master",
                            "tags.sla": "non-prod",
                            "vpc_id": "vpc-52c5e836"
                        },
                        "meta": {},
                        "tainted": false
                    },
                    "deposed": [],
                    "provider": ""
                },
                "aws_security_group.k8s_worker_instance": {
                    "type": "aws_security_group",
                    "depends_on": [
                        "aws_security_group.k8s_master_instance",
                        "null_resource.k8s_cluster"
                    ],
                    "primary": {
                        "id": "sg-d5aba9b3",
                        "attributes": {
                            "description": "Allow traffic to K8S worker nodes",
                            "egress.#": "0",
                            "id": "sg-d5aba9b3",
                            "ingress.#": "4",
                            "ingress.2004278144.cidr_blocks.#": "0",
                            "ingress.2004278144.from_port": "0",
                            "ingress.2004278144.ipv6_cidr_blocks.#": "0",
                            "ingress.2004278144.protocol": "-1",
                            "ingress.2004278144.security_groups.#": "1",
                            "ingress.2004278144.security_groups.2179171389": "sg-c0aba9a6",
                            "ingress.2004278144.self": "true",
                            "ingress.2004278144.to_port": "0",
                            "ingress.2089686293.cidr_blocks.#": "0",
                            "ingress.2089686293.from_port": "0",
                            "ingress.2089686293.ipv6_cidr_blocks.#": "0",
                            "ingress.2089686293.protocol": "-1",
                            "ingress.2089686293.security_groups.#": "61",
                            "ingress.2089686293.security_groups.1156365548": "sg-9da6f2e4",
                            "ingress.2089686293.security_groups.1161241138": "sg-9f014be6",
                            "ingress.2089686293.security_groups.117382149": "sg-9a6b14e3",
                            "ingress.2089686293.security_groups.1220966404": "sg-6d8ecd14",
                            "ingress.2089686293.security_groups.1235835755": "sg-bde5b2c4",
                            "ingress.2089686293.security_groups.1258084753": "sg-e419559d",
                            "ingress.2089686293.security_groups.1356072280": "sg-36e6b04f",
                            "ingress.2089686293.security_groups.1560436531": "sg-7d064c04",
                            "ingress.2089686293.security_groups.1596461862": "sg-cc1bbbb5",
                            "ingress.2089686293.security_groups.1655708193": "sg-bd014bc4",
                            "ingress.2089686293.security_groups.1827700526": "sg-006d2379",
                            "ingress.2089686293.security_groups.1846423099": "sg-8e8012f7",
                            "ingress.2089686293.security_groups.1932337449": "sg-48c18231",
                            "ingress.2089686293.security_groups.195285884": "sg-49b9ef30",
                            "ingress.2089686293.security_groups.1954127102": "sg-ff7f2b86",
                            "ingress.2089686293.security_groups.1964938796": "sg-fd397184",
                            "ingress.2089686293.security_groups.1992964175": "sg-38befc41",
                            "ingress.2089686293.security_groups.2051697281": "sg-fcf9a885",
                            "ingress.2089686293.security_groups.2192315255": "sg-49dfa330",
                            "ingress.2089686293.security_groups.2204329802": "sg-e9b6e190",
                            "ingress.2089686293.security_groups.2243371062": "sg-bcc297c5",
                            "ingress.2089686293.security_groups.2332040051": "sg-1e397167",
                            "ingress.2089686293.security_groups.2406073218": "sg-962864ef",
                            "ingress.2089686293.security_groups.2411211028": "sg-4739713e",
                            "ingress.2089686293.security_groups.245909021": "sg-4a611433",
                            "ingress.2089686293.security_groups.2472149141": "sg-6d035714",
                            "ingress.2089686293.security_groups.2514957278": "sg-f9e6b080",
                            "ingress.2089686293.security_groups.2576021743": "sg-d4efa3ad",
                            "ingress.2089686293.security_groups.2636462954": "sg-c51bbbbc",
                            "ingress.2089686293.security_groups.2891724155": "sg-e14be698",
                            "ingress.2089686293.security_groups.3040225425": "sg-aba2e0d2",
                            "ingress.2089686293.security_groups.3074552757": "sg-83feb4fa",
                            "ingress.2089686293.security_groups.3110338538": "sg-b45d1dcd",
                            "ingress.2089686293.security_groups.3127127563": "sg-59d19d20",
                            "ingress.2089686293.security_groups.3144029707": "sg-c1db91b8",
                            "ingress.2089686293.security_groups.3161716846": "sg-21eeb958",
                            "ingress.2089686293.security_groups.3167576496": "sg-d51bbbac",
                            "ingress.2089686293.security_groups.3292254948": "sg-10c19669",
                            "ingress.2089686293.security_groups.3448257930": "sg-28286451",
                            "ingress.2089686293.security_groups.3455024536": "sg-708ed909",
                            "ingress.2089686293.security_groups.3476188696": "sg-5e6d2327",
                            "ingress.2089686293.security_groups.3507952879": "sg-d30cadaa",
                            "ingress.2089686293.security_groups.3637398197": "sg-43e6b13a",
                            "ingress.2089686293.security_groups.3907565471": "sg-da7f2ba3",
                            "ingress.2089686293.security_groups.3994147170": "sg-2593e65c",
                            "ingress.2089686293.security_groups.4096124438": "sg-347f2b4d",
                            "ingress.2089686293.security_groups.4118271206": "sg-4ec7b737",
                            "ingress.2089686293.security_groups.422391254": "sg-f581c28c",
                            "ingress.2089686293.security_groups.4267212645": "sg-0e297e77",
                            "ingress.2089686293.security_groups.492378682": "sg-a1f7a0d8",
                            "ingress.2089686293.security_groups.705737198": "sg-137d286a",
                            "ingress.2089686293.security_groups.706379060": "sg-7739710e",
                            "ingress.2089686293.security_groups.754356994": "sg-b99bcec0",
                            "ingress.2089686293.security_groups.761474851": "sg-f56b218c",
                            "ingress.2089686293.security_groups.782795657": "sg-4a7d2833",
                            "ingress.2089686293.security_groups.811574018": "sg-7fc69306",
                            "ingress.2089686293.security_groups.840230912": "sg-38f45a41",
                            "ingress.2089686293.security_groups.868436819": "sg-52e6b02b",
                            "ingress.2089686293.security_groups.886347590": "sg-a2c297db",
                            "ingress.2089686293.security_groups.907978159": "sg-2c1c5155",
                            "ingress.2089686293.security_groups.980129703": "sg-e8a9ea91",
                            "ingress.2089686293.self": "false",
                            "ingress.2089686293.to_port": "0",
                            "ingress.2822664995.cidr_blocks.#": "1",
                            "ingress.2822664995.cidr_blocks.0": "10.0.0.0/8",
                            "ingress.2822664995.from_port": "30001",
                            "ingress.2822664995.ipv6_cidr_blocks.#": "0",
                            "ingress.2822664995.protocol": "tcp",
                            "ingress.2822664995.security_groups.#": "0",
                            "ingress.2822664995.self": "false",
                            "ingress.2822664995.to_port": "32767",
                            "ingress.4204590297.cidr_blocks.#": "1",
                            "ingress.4204590297.cidr_blocks.0": "10.122.64.0/20",
                            "ingress.4204590297.from_port": "30000",
                            "ingress.4204590297.ipv6_cidr_blocks.#": "0",
                            "ingress.4204590297.protocol": "tcp",
                            "ingress.4204590297.security_groups.#": "0",
                            "ingress.4204590297.self": "false",
                            "ingress.4204590297.to_port": "32767",
                            "name": "us-west-2_jive-microservices-pipeline-jcx-worker-instance",
                            "owner_id": "811034720611",
                            "tags.%": "7",
                            "tags.KubernetesCluster": "us-west-2_jive-microservices-pipeline-jcx",
                            "tags.Name": "us-west-2_jive-microservices-pipeline-jcx-worker-instance",
                            "tags.jive_service": "",
                            "tags.pipeline_phase": "pipeline-jcx",
                            "tags.region": "us-west-2",
                            "tags.service_component": "k8s-worker",
                            "tags.sla": "non-prod",
                            "vpc_id": "vpc-52c5e836"
                        },
                        "meta": {},
                        "tainted": false
                    },
                    "deposed": [],
                    "provider": ""
                },
                "aws_security_group_rule.k8s_master_instance": {
                    "type": "aws_security_group_rule",
                    "depends_on": [
                        "aws_security_group.k8s_master_instance",
                        "aws_security_group.k8s_worker_instance"
                    ],
                    "primary": {
                        "id": "sgrule-2555133721",
                        "attributes": {
                            "cidr_blocks.#": "0",
                            "from_port": "0",
                            "id": "sgrule-2555133721",
                            "ipv6_cidr_blocks.#": "0",
                            "prefix_list_ids.#": "0",
                            "protocol": "-1",
                            "security_group_id": "sg-c0aba9a6",
                            "self": "false",
                            "source_security_group_id": "sg-d5aba9b3",
                            "to_port": "0",
                            "type": "ingress"
                        },
                        "meta": {
                            "schema_version": "2"
                        },
                        "tainted": false
                    },
                    "deposed": [],
                    "provider": ""
                },
                "aws_security_group_rule.k8s_worker_instance": {
                    "type": "aws_security_group_rule",
                    "depends_on": [
                        "aws_security_group.k8s_worker_instance"
                    ],
                    "primary": {
                        "id": "sgrule-1767396306",
                        "attributes": {
                            "cidr_blocks.#": "1",
                            "cidr_blocks.0": "10.122.64.0/20",
                            "from_port": "30000",
                            "id": "sgrule-1767396306",
                            "ipv6_cidr_blocks.#": "0",
                            "prefix_list_ids.#": "0",
                            "protocol": "tcp",
                            "security_group_id": "sg-d5aba9b3",
                            "self": "false",
                            "to_port": "32767",
                            "type": "ingress"
                        },
                        "meta": {
                            "schema_version": "2"
                        },
                        "tainted": false
                    },
                    "deposed": [],
                    "provider": ""
                },
                "data.aws_availability_zones.available": {
                    "type": "aws_availability_zones",
                    "depends_on": [],
                    "primary": {
                        "id": "2017-08-10 17:41:13.96605802 +0000 UTC",
                        "attributes": {
                            "id": "2017-08-10 17:41:13.96605802 +0000 UTC",
                            "names.#": "3",
                            "names.0": "us-west-2a",
                            "names.1": "us-west-2b",
                            "names.2": "us-west-2c"
                        },
                        "meta": {},
                        "tainted": false
                    },
                    "deposed": [],
                    "provider": ""
                },
                "data.aws_iam_policy_document.logging": {
                    "type": "aws_iam_policy_document",
                    "depends_on": [
                        "aws_iam_role.k8s-master",
                        "aws_iam_role.k8s-node"
                    ],
                    "primary": {
                        "id": "3266947371",
                        "attributes": {
                            "id": "3266947371",
                            "json": "{\n  \"Version\": \"2012-10-17\",\n  \"Statement\": [\n    {\n      \"Sid\": \"Logs\",\n      \"Effect\": \"Allow\",\n      \"Action\": \"s3:PutObject\",\n      \"Resource\": \"arn:aws:s3:::us-west-2-jive-microservices-pipeline-jcx-logs/*\",\n      \"Principal\": {\n        \"AWS\": [\n          \"arn:aws:iam::811034720611:role/us-west-2_jive-microservices-pipeline-jcx-node-role\",\n          \"arn:aws:iam::811034720611:role/us-west-2_jive-microservices-pipeline-jcx-master-role\"\n        ]\n      }\n    }\n  ]\n}",
                            "statement.#": "1",
                            "statement.0.actions.#": "1",
                            "statement.0.actions.315547055": "s3:PutObject",
                            "statement.0.condition.#": "0",
                            "statement.0.effect": "Allow",
                            "statement.0.not_actions.#": "0",
                            "statement.0.not_principals.#": "0",
                            "statement.0.not_resources.#": "0",
                            "statement.0.principals.#": "1",
                            "statement.0.principals.465855174.identifiers.#": "2",
                            "statement.0.principals.465855174.identifiers.3257791246": "arn:aws:iam::811034720611:role/us-west-2_jive-microservices-pipeline-jcx-master-role",
                            "statement.0.principals.465855174.identifiers.958133213": "arn:aws:iam::811034720611:role/us-west-2_jive-microservices-pipeline-jcx-node-role",
                            "statement.0.principals.465855174.type": "AWS",
                            "statement.0.resources.#": "1",
                            "statement.0.resources.4247320796": "arn:aws:s3:::us-west-2-jive-microservices-pipeline-jcx-logs/*",
                            "statement.0.sid": "Logs"
                        },
                        "meta": {},
                        "tainted": false
                    },
                    "deposed": [],
                    "provider": ""
                },
                "data.aws_subnet.natdc.0": {
                    "type": "aws_subnet",
                    "depends_on": [
                        "data.aws_availability_zones.available"
                    ],
                    "primary": {
                        "id": "subnet-769ecd12",
                        "attributes": {
                            "assign_ipv6_address_on_creation": "false",
                            "availability_zone": "us-west-2a",
                            "cidr_block": "10.122.64.0/22",
                            "default_for_az": "false",
                            "id": "subnet-769ecd12",
                            "map_public_ip_on_launch": "false",
                            "state": "available",
                            "tags.%": "7",
                            "tags.KubernetesCluster": "us-west-2_jive-microservices-pipeline-jcx",
                            "tags.Name": "pipeline-jcx-natdc-subnet",
                            "tags.account_name": "jive-microservices-pipeline",
                            "tags.kubernetes.io/role/internal-elb": "us-west-2_jive-microservices-pipeline-jcx",
                            "tags.pipeline_phase": "pipeline-jcx",
                            "tags.region": "us-west-2",
                            "tags.sla": "non-prod",
                            "vpc_id": "vpc-52c5e836"
                        },
                        "meta": {},
                        "tainted": false
                    },
                    "deposed": [],
                    "provider": ""
                },
                "data.aws_subnet.natdc.1": {
                    "type": "aws_subnet",
                    "depends_on": [
                        "data.aws_availability_zones.available"
                    ],
                    "primary": {
                        "id": "subnet-0d177c7b",
                        "attributes": {
                            "assign_ipv6_address_on_creation": "false",
                            "availability_zone": "us-west-2b",
                            "cidr_block": "10.122.68.0/22",
                            "default_for_az": "false",
                            "id": "subnet-0d177c7b",
                            "map_public_ip_on_launch": "false",
                            "state": "available",
                            "tags.%": "7",
                            "tags.KubernetesCluster": "us-west-2_jive-microservices-pipeline-jcx",
                            "tags.Name": "pipeline-jcx-natdc-subnet",
                            "tags.account_name": "jive-microservices-pipeline",
                            "tags.kubernetes.io/role/internal-elb": "us-west-2_jive-microservices-pipeline-jcx",
                            "tags.pipeline_phase": "pipeline-jcx",
                            "tags.region": "us-west-2",
                            "tags.sla": "non-prod",
                            "vpc_id": "vpc-52c5e836"
                        },
                        "meta": {},
                        "tainted": false
                    },
                    "deposed": [],
                    "provider": ""
                },
                "data.aws_subnet.natdc.2": {
                    "type": "aws_subnet",
                    "depends_on": [
                        "data.aws_availability_zones.available"
                    ],
                    "primary": {
                        "id": "subnet-89ab1ed1",
                        "attributes": {
                            "assign_ipv6_address_on_creation": "false",
                            "availability_zone": "us-west-2c",
                            "cidr_block": "10.122.72.0/22",
                            "default_for_az": "false",
                            "id": "subnet-89ab1ed1",
                            "map_public_ip_on_launch": "false",
                            "state": "available",
                            "tags.%": "7",
                            "tags.KubernetesCluster": "us-west-2_jive-microservices-pipeline-jcx",
                            "tags.Name": "pipeline-jcx-natdc-subnet",
                            "tags.account_name": "jive-microservices-pipeline",
                            "tags.kubernetes.io/role/internal-elb": "us-west-2_jive-microservices-pipeline-jcx",
                            "tags.pipeline_phase": "pipeline-jcx",
                            "tags.region": "us-west-2",
                            "tags.sla": "non-prod",
                            "vpc_id": "vpc-52c5e836"
                        },
                        "meta": {},
                        "tainted": false
                    },
                    "deposed": [],
                    "provider": ""
                },
                "data.aws_subnet.natdc.3": {
                    "type": "aws_subnet",
                    "depends_on": [
                        "data.aws_availability_zones.available"
                    ],
                    "primary": {
                        "id": "subnet-769ecd12",
                        "attributes": {
                            "assign_ipv6_address_on_creation": "false",
                            "availability_zone": "us-west-2a",
                            "cidr_block": "10.122.64.0/22",
                            "default_for_az": "false",
                            "id": "subnet-769ecd12",
                            "map_public_ip_on_launch": "false",
                            "state": "available",
                            "tags.%": "7",
                            "tags.KubernetesCluster": "us-west-2_jive-microservices-pipeline-jcx",
                            "tags.Name": "pipeline-jcx-natdc-subnet",
                            "tags.account_name": "jive-microservices-pipeline",
                            "tags.kubernetes.io/role/internal-elb": "us-west-2_jive-microservices-pipeline-jcx",
                            "tags.pipeline_phase": "pipeline-jcx",
                            "tags.region": "us-west-2",
                            "tags.sla": "non-prod",
                            "vpc_id": "vpc-52c5e836"
                        },
                        "meta": {},
                        "tainted": false
                    },
                    "deposed": [],
                    "provider": ""
                },
                "data.aws_subnet.natdc.4": {
                    "type": "aws_subnet",
                    "depends_on": [
                        "data.aws_availability_zones.available"
                    ],
                    "primary": {
                        "id": "subnet-0d177c7b",
                        "attributes": {
                            "assign_ipv6_address_on_creation": "false",
                            "availability_zone": "us-west-2b",
                            "cidr_block": "10.122.68.0/22",
                            "default_for_az": "false",
                            "id": "subnet-0d177c7b",
                            "map_public_ip_on_launch": "false",
                            "state": "available",
                            "tags.%": "7",
                            "tags.KubernetesCluster": "us-west-2_jive-microservices-pipeline-jcx",
                            "tags.Name": "pipeline-jcx-natdc-subnet",
                            "tags.account_name": "jive-microservices-pipeline",
                            "tags.kubernetes.io/role/internal-elb": "us-west-2_jive-microservices-pipeline-jcx",
                            "tags.pipeline_phase": "pipeline-jcx",
                            "tags.region": "us-west-2",
                            "tags.sla": "non-prod",
                            "vpc_id": "vpc-52c5e836"
                        },
                        "meta": {},
                        "tainted": false
                    },
                    "deposed": [],
                    "provider": ""
                },
                "data.aws_subnet.natdc.5": {
                    "type": "aws_subnet",
                    "depends_on": [
                        "data.aws_availability_zones.available"
                    ],
                    "primary": {
                        "id": "subnet-89ab1ed1",
                        "attributes": {
                            "assign_ipv6_address_on_creation": "false",
                            "availability_zone": "us-west-2c",
                            "cidr_block": "10.122.72.0/22",
                            "default_for_az": "false",
                            "id": "subnet-89ab1ed1",
                            "map_public_ip_on_launch": "false",
                            "state": "available",
                            "tags.%": "7",
                            "tags.KubernetesCluster": "us-west-2_jive-microservices-pipeline-jcx",
                            "tags.Name": "pipeline-jcx-natdc-subnet",
                            "tags.account_name": "jive-microservices-pipeline",
                            "tags.kubernetes.io/role/internal-elb": "us-west-2_jive-microservices-pipeline-jcx",
                            "tags.pipeline_phase": "pipeline-jcx",
                            "tags.region": "us-west-2",
                            "tags.sla": "non-prod",
                            "vpc_id": "vpc-52c5e836"
                        },
                        "meta": {},
                        "tainted": false
                    },
                    "deposed": [],
                    "provider": ""
                },
                "data.template_file.cloud_config": {
                    "type": "template_file",
                    "depends_on": [
                        "aws_eip.k8s_master_eip",
                        "aws_elb.k8s_master",
                        "null_resource.k8s_cluster"
                    ],
                    "primary": {
                        "id": "151851ff3c0bd7bffea686f7cef288887080df0eb681ad24fa15734eb0fd1f93",
                        "attributes": {
                            "id": "151851ff3c0bd7bffea686f7cef288887080df0eb681ad24fa15734eb0fd1f93",
                            "rendered": "#cloud-config\ncoreos:\n  units:\n    - name: bootstrap.service\n      command: start\n      content: |\n        [Unit]\n        Requires=early-docker.service\n        After=early-docker.service\n        Description=Bootstraps the node\n        [Service]\n        Environment=\"DOCKER_HOST=unix:///var/run/early-docker.sock\"\n        Type=oneshot\n        RemainAfterExit=yes\n        ExecStart=/root/bootstrap.sh\n    - name: settimezone.service\n      command: start\n      content: |\n        [Unit]\n        Description=Set the timezone\n        [Service]\n        ExecStart=/usr/bin/timedatectl set-timezone UTC\n        RemainAfterExit=yes\n        Type=oneshot\nupdate:\n    reboot-strategy: off\nssh_authorized_keys:\n  - ssh-rsa AAAAB3NzaC1yc2EAAAADAQABAAABAQDPqioZmpUNuZ2/YFqw7413Ahq10YJ72bQBHijaATSkFybFjs6CNW+k5k0DVD71b/ZPjR1DHLi9exm6f8Mfm/e61rRonwnomFxUA4sKu+RFlvUmR3Gi8mnluGX4oqSwNrFVddgwipqdYamsFK8w9JYMAMS9U5YJximOi86WVqjpAYMAbnX/3zb0tkvYn1eEiwkpWQPsT7UXrPjojlRHWYEiji8vMOICXovbcOE1TP/5B4U1i5dJq0Sx5T07MW6wtv+CRXBhzbzg9fTVb/76y6EgDCdkvkBUFtvRLjufMdajx90PNw1HScxA4vC8EoBy3tfeCiuhCl9l8cgnUEu2hTMT\nwrite_files:\n  - path: /etc/hosts\n    permissions: 0644\n    content: |\n      10.160.4.127 docker.phx1.jivehosted.com\n      10.160.70.25 pulp-slave\nwrite_files:\n  - path: /root/parse_manifest.sh\n    permissions: 0755\n    content: |\n      #!/usr/bin/bash\n      jq -c '.clusters[] | select(.clusterName == \"us-west-2_jive-microservices-pipeline-jcx\") | .ansibleImageVersion' /tmp/cluster_manifest.json\nwrite_files:\n  - path: /root/pam_workaround.sh\n    permissions: 0755\n    content: |\n      #!/usr/bin/bash\n      if [[ -d /lib/pam.d ]]; then\n        rsync -a /lib/pam.d/ /etc/pam.d/\n        sed -i '/pam_systemd.so/d' /etc/pam.d/*\n        sed -i '/pam_nologin.so/d' /etc/pam.d/*\n      fi\nwrite_files:\n  - path: /root/bootstrap.sh\n    permissions: 0755\n    content: |\n      #!/usr/bin/bash\n      #\n      if [ -f /etc/coreos/update.conf ] ; then\n        rm  /etc/coreos/update.conf\n      fi\n\n      declare -r ansible_bucket=https://s3-us-west-2.amazonaws.com/jive-ansible-coreos-jive-infra-prod-usw2\n\n      # Get cluster manifest from S3 bucket\n      curl -XGET -s \\\n      --retry 3 \\\n      --retry-delay 5 \\\n      ${ansible_bucket}/cluster_manifest.json \\\n      --output /tmp/cluster_manifest.json\n\n      # Get ansible-coreos bootstrap script from S3 bucket\n      curl -XGET -s \\\n      --retry 3 \\\n      --retry-delay 5 \\\n      ${ansible_bucket}/run-ansible-container.sh \\\n      --output /tmp/run-ansible-container.sh\n\n      declare -r docker_image=$(bash /root/parse_manifest.sh | sed 's/\"//g')\n      bash -vx /root/pam_workaround.sh\n      bash -vx /tmp/run-ansible-container.sh ${docker_image}\n\n      exit 0\n\n# MASTER_EIP_ALLOC and ELB_NAME are passed from Terraform\n#MASTER_EIP_ALLOC:eipalloc-56f90531\n",
                            "template": "#cloud-config\ncoreos:\n  units:\n    - name: bootstrap.service\n      command: start\n      content: |\n        [Unit]\n        Requires=early-docker.service\n        After=early-docker.service\n        Description=Bootstraps the node\n        [Service]\n        Environment=\"DOCKER_HOST=unix:///var/run/early-docker.sock\"\n        Type=oneshot\n        RemainAfterExit=yes\n        ExecStart=/root/bootstrap.sh\n    - name: settimezone.service\n      command: start\n      content: |\n        [Unit]\n        Description=Set the timezone\n        [Service]\n        ExecStart=/usr/bin/timedatectl set-timezone UTC\n        RemainAfterExit=yes\n        Type=oneshot\nupdate:\n    reboot-strategy: off\nssh_authorized_keys:\n  - ${COREOS_AUTHKEY}\nwrite_files:\n  - path: /etc/hosts\n    permissions: 0644\n    content: |\n      ${DOCKER_REGISTRY}\n      ${PHX_PULP}\nwrite_files:\n  - path: /root/parse_manifest.sh\n    permissions: 0755\n    content: |\n      #!/usr/bin/bash\n      jq -c '.clusters[] | select(.clusterName == \"${KubernetesCluster}\") | .ansibleImageVersion' /tmp/cluster_manifest.json\nwrite_files:\n  - path: /root/pam_workaround.sh\n    permissions: 0755\n    content: |\n      #!/usr/bin/bash\n      if [[ -d /lib/pam.d ]]; then\n        rsync -a /lib/pam.d/ /etc/pam.d/\n        sed -i '/pam_systemd.so/d' /etc/pam.d/*\n        sed -i '/pam_nologin.so/d' /etc/pam.d/*\n      fi\nwrite_files:\n  - path: /root/bootstrap.sh\n    permissions: 0755\n    content: |\n      #!/usr/bin/bash\n      #\n      if [ -f /etc/coreos/update.conf ] ; then\n        rm  /etc/coreos/update.conf\n      fi\n\n      declare -r ansible_bucket=${ANSIBLE_BUCKET}\n\n      # Get cluster manifest from S3 bucket\n      curl -XGET -s \\\n      --retry 3 \\\n      --retry-delay 5 \\\n      $${ansible_bucket}/cluster_manifest.json \\\n      --output /tmp/cluster_manifest.json\n\n      # Get ansible-coreos bootstrap script from S3 bucket\n      curl -XGET -s \\\n      --retry 3 \\\n      --retry-delay 5 \\\n      $${ansible_bucket}/run-ansible-container.sh \\\n      --output /tmp/run-ansible-container.sh\n\n      declare -r docker_image=$$(bash /root/parse_manifest.sh | sed 's/\"//g')\n      bash -vx /root/pam_workaround.sh\n      bash -vx /tmp/run-ansible-container.sh $${docker_image}\n\n      exit 0\n\n# MASTER_EIP_ALLOC and ELB_NAME are passed from Terraform\n#MASTER_EIP_ALLOC:${MASTER_EIP_ALLOC}\n",
                            "vars.%": "7",
                            "vars.ANSIBLE_BUCKET": "https://s3-us-west-2.amazonaws.com/jive-ansible-coreos-jive-infra-prod-usw2",
                            "vars.COREOS_AUTHKEY": "ssh-rsa AAAAB3NzaC1yc2EAAAADAQABAAABAQDPqioZmpUNuZ2/YFqw7413Ahq10YJ72bQBHijaATSkFybFjs6CNW+k5k0DVD71b/ZPjR1DHLi9exm6f8Mfm/e61rRonwnomFxUA4sKu+RFlvUmR3Gi8mnluGX4oqSwNrFVddgwipqdYamsFK8w9JYMAMS9U5YJximOi86WVqjpAYMAbnX/3zb0tkvYn1eEiwkpWQPsT7UXrPjojlRHWYEiji8vMOICXovbcOE1TP/5B4U1i5dJq0Sx5T07MW6wtv+CRXBhzbzg9fTVb/76y6EgDCdkvkBUFtvRLjufMdajx90PNw1HScxA4vC8EoBy3tfeCiuhCl9l8cgnUEu2hTMT",
                            "vars.DOCKER_REGISTRY": "10.160.4.127 docker.phx1.jivehosted.com",
                            "vars.ELB_NAME": "pipeline-jcx-k8s-master-elb",
                            "vars.KubernetesCluster": "us-west-2_jive-microservices-pipeline-jcx",
                            "vars.MASTER_EIP_ALLOC": "eipalloc-56f90531",
                            "vars.PHX_PULP": "10.160.70.25 pulp-slave"
                        },
                        "meta": {},
                        "tainted": false
                    },
                    "deposed": [],
                    "provider": ""
                },
                "null_resource.k8s_cluster": {
                    "type": "null_resource",
                    "depends_on": [],
                    "primary": {
                        "id": "4926673753921385264",
                        "attributes": {
                            "id": "4926673753921385264",
                            "triggers.%": "1",
                            "triggers.name": "us-west-2_jive-microservices-pipeline-jcx"
                        },
                        "meta": {},
                        "tainted": false
                    },
                    "deposed": [],
                    "provider": ""
                }
            },
            "depends_on": []
        }
    ]
}
