{
    "version": 3,
    "terraform_version": "0.9.2",
    "serial": 17,
    "lineage": "74288bd7-59e9-4f75-a6d0-c157a95765a8",
    "modules": [
        {
            "path": [
                "root"
            ],
            "outputs": {},
            "resources": {
                "aws_eip.natgw.0": {
                    "type": "aws_eip",
                    "depends_on": [],
                    "primary": {
                        "id": "eipalloc-1cf49b78",
                        "attributes": {
                            "association_id": "eipassoc-ef511cd5",
                            "domain": "vpc",
                            "id": "eipalloc-1cf49b78",
                            "instance": "",
                            "network_interface": "eni-11ee043a",
                            "private_ip": "10.126.60.83",
                            "public_ip": "52.36.26.42",
                            "vpc": "true"
                        },
                        "meta": {},
                        "tainted": false
                    },
                    "deposed": [],
                    "provider": ""
                },
                "aws_eip.natgw.1": {
                    "type": "aws_eip",
                    "depends_on": [],
                    "primary": {
                        "id": "eipalloc-9c1773a6",
                        "attributes": {
                            "association_id": "eipassoc-2c521f16",
                            "domain": "vpc",
                            "id": "eipalloc-9c1773a6",
                            "instance": "",
                            "network_interface": "eni-bce0eb86",
                            "private_ip": "10.126.60.231",
                            "public_ip": "54.69.4.64",
                            "vpc": "true"
                        },
                        "meta": {},
                        "tainted": false
                    },
                    "deposed": [],
                    "provider": ""
                },
                "aws_eip.natgw.2": {
                    "type": "aws_eip",
                    "depends_on": [],
                    "primary": {
                        "id": "eipalloc-c51470ff",
                        "attributes": {
                            "association_id": "eipassoc-c5571aff",
                            "domain": "vpc",
                            "id": "eipalloc-c51470ff",
                            "instance": "",
                            "network_interface": "eni-6d4f1c61",
                            "private_ip": "10.126.61.80",
                            "public_ip": "52.37.235.25",
                            "vpc": "true"
                        },
                        "meta": {},
                        "tainted": false
                    },
                    "deposed": [],
                    "provider": ""
                },
                "aws_internet_gateway.igw": {
                    "type": "aws_internet_gateway",
                    "depends_on": [
                        "aws_vpc.main"
                    ],
                    "primary": {
                        "id": "igw-804442e5",
                        "attributes": {
                            "id": "igw-804442e5",
                            "tags.%": "5",
                            "tags.Name": "brewprod-igw",
                            "tags.account_name": "jive-reco-brewprod",
                            "tags.pipeline_phase": "brewprod",
                            "tags.region": "us-west-2",
                            "tags.sla": "prod",
                            "vpc_id": "vpc-238d3947"
                        },
                        "meta": {},
                        "tainted": false
                    },
                    "deposed": [],
                    "provider": ""
                },
                "aws_nat_gateway.natgw.0": {
                    "type": "aws_nat_gateway",
                    "depends_on": [
                        "aws_eip.natgw.*",
                        "aws_internet_gateway.igw",
                        "aws_subnet.public.*"
                    ],
                    "primary": {
                        "id": "nat-0aa982ded4197c584",
                        "attributes": {
                            "allocation_id": "eipalloc-1cf49b78",
                            "id": "nat-0aa982ded4197c584",
                            "network_interface_id": "eni-11ee043a",
                            "private_ip": "10.126.60.83",
                            "public_ip": "52.36.26.42",
                            "subnet_id": "subnet-2875c54c"
                        },
                        "meta": {},
                        "tainted": false
                    },
                    "deposed": [],
                    "provider": ""
                },
                "aws_nat_gateway.natgw.1": {
                    "type": "aws_nat_gateway",
                    "depends_on": [
                        "aws_eip.natgw.*",
                        "aws_internet_gateway.igw",
                        "aws_subnet.public.*"
                    ],
                    "primary": {
                        "id": "nat-01e1a30e484655c91",
                        "attributes": {
                            "allocation_id": "eipalloc-9c1773a6",
                            "id": "nat-01e1a30e484655c91",
                            "network_interface_id": "eni-bce0eb86",
                            "private_ip": "10.126.60.231",
                            "public_ip": "54.69.4.64",
                            "subnet_id": "subnet-25b86d53"
                        },
                        "meta": {},
                        "tainted": false
                    },
                    "deposed": [],
                    "provider": ""
                },
                "aws_nat_gateway.natgw.2": {
                    "type": "aws_nat_gateway",
                    "depends_on": [
                        "aws_eip.natgw.*",
                        "aws_internet_gateway.igw",
                        "aws_subnet.public.*"
                    ],
                    "primary": {
                        "id": "nat-0da30e4b0fc71e63f",
                        "attributes": {
                            "allocation_id": "eipalloc-c51470ff",
                            "id": "nat-0da30e4b0fc71e63f",
                            "network_interface_id": "eni-6d4f1c61",
                            "private_ip": "10.126.61.80",
                            "public_ip": "52.37.235.25",
                            "subnet_id": "subnet-a4ec09fc"
                        },
                        "meta": {},
                        "tainted": false
                    },
                    "deposed": [],
                    "provider": ""
                },
                "aws_route.bastion_natdc.0": {
                    "type": "aws_route",
                    "depends_on": [
                        "aws_route_table.natdc.*",
                        "aws_vpc_peering_connection.infra"
                    ],
                    "primary": {
                        "id": "r-rtb-1ea8377a461904007",
                        "attributes": {
                            "destination_cidr_block": "10.127.51.7/32",
                            "destination_prefix_list_id": "",
                            "egress_only_gateway_id": "",
                            "gateway_id": "",
                            "id": "r-rtb-1ea8377a461904007",
                            "instance_id": "",
                            "instance_owner_id": "",
                            "nat_gateway_id": "",
                            "network_interface_id": "",
                            "origin": "CreateRoute",
                            "route_table_id": "rtb-1ea8377a",
                            "state": "active",
                            "vpc_peering_connection_id": "pcx-ec73d985"
                        },
                        "meta": {},
                        "tainted": false
                    },
                    "deposed": [],
                    "provider": ""
                },
                "aws_route.bastion_natdc.1": {
                    "type": "aws_route",
                    "depends_on": [
                        "aws_route_table.natdc.*",
                        "aws_vpc_peering_connection.infra"
                    ],
                    "primary": {
                        "id": "r-rtb-b76bb1d1461904007",
                        "attributes": {
                            "destination_cidr_block": "10.127.51.7/32",
                            "destination_prefix_list_id": "",
                            "egress_only_gateway_id": "",
                            "gateway_id": "",
                            "id": "r-rtb-b76bb1d1461904007",
                            "instance_id": "",
                            "instance_owner_id": "",
                            "nat_gateway_id": "",
                            "network_interface_id": "",
                            "origin": "CreateRoute",
                            "route_table_id": "rtb-b76bb1d1",
                            "state": "active",
                            "vpc_peering_connection_id": "pcx-ec73d985"
                        },
                        "meta": {},
                        "tainted": false
                    },
                    "deposed": [],
                    "provider": ""
                },
                "aws_route.bastion_natdc.2": {
                    "type": "aws_route",
                    "depends_on": [
                        "aws_route_table.natdc.*",
                        "aws_vpc_peering_connection.infra"
                    ],
                    "primary": {
                        "id": "r-rtb-e175af87461904007",
                        "attributes": {
                            "destination_cidr_block": "10.127.51.7/32",
                            "destination_prefix_list_id": "",
                            "egress_only_gateway_id": "",
                            "gateway_id": "",
                            "id": "r-rtb-e175af87461904007",
                            "instance_id": "",
                            "instance_owner_id": "",
                            "nat_gateway_id": "",
                            "network_interface_id": "",
                            "origin": "CreateRoute",
                            "route_table_id": "rtb-e175af87",
                            "state": "active",
                            "vpc_peering_connection_id": "pcx-ec73d985"
                        },
                        "meta": {},
                        "tainted": false
                    },
                    "deposed": [],
                    "provider": ""
                },
                "aws_route.bastion_private": {
                    "type": "aws_route",
                    "depends_on": [
                        "aws_route_table.private",
                        "aws_vpc_peering_connection.infra"
                    ],
                    "primary": {
                        "id": "r-rtb-7aa8371e461904007",
                        "attributes": {
                            "destination_cidr_block": "10.127.51.7/32",
                            "destination_prefix_list_id": "",
                            "egress_only_gateway_id": "",
                            "gateway_id": "",
                            "id": "r-rtb-7aa8371e461904007",
                            "instance_id": "",
                            "instance_owner_id": "",
                            "nat_gateway_id": "",
                            "network_interface_id": "",
                            "origin": "CreateRoute",
                            "route_table_id": "rtb-7aa8371e",
                            "state": "active",
                            "vpc_peering_connection_id": "pcx-ec73d985"
                        },
                        "meta": {},
                        "tainted": false
                    },
                    "deposed": [],
                    "provider": ""
                },
                "aws_route.bastion_public": {
                    "type": "aws_route",
                    "depends_on": [
                        "aws_route_table.public",
                        "aws_vpc_peering_connection.infra"
                    ],
                    "primary": {
                        "id": "r-rtb-7ba8371f461904007",
                        "attributes": {
                            "destination_cidr_block": "10.127.51.7/32",
                            "destination_prefix_list_id": "",
                            "egress_only_gateway_id": "",
                            "gateway_id": "",
                            "id": "r-rtb-7ba8371f461904007",
                            "instance_id": "",
                            "instance_owner_id": "",
                            "nat_gateway_id": "",
                            "network_interface_id": "",
                            "origin": "CreateRoute",
                            "route_table_id": "rtb-7ba8371f",
                            "state": "active",
                            "vpc_peering_connection_id": "pcx-ec73d985"
                        },
                        "meta": {},
                        "tainted": false
                    },
                    "deposed": [],
                    "provider": ""
                },
                "aws_route.infra_natdc.0": {
                    "type": "aws_route",
                    "depends_on": [
                        "aws_vpc_peering_connection.infra"
                    ],
                    "primary": {
                        "id": "r-rtb-a3ff69c73880337004",
                        "attributes": {
                            "destination_cidr_block": "10.126.48.0/20",
                            "destination_prefix_list_id": "",
                            "egress_only_gateway_id": "",
                            "gateway_id": "",
                            "id": "r-rtb-a3ff69c73880337004",
                            "instance_id": "",
                            "instance_owner_id": "",
                            "nat_gateway_id": "",
                            "network_interface_id": "",
                            "origin": "CreateRoute",
                            "route_table_id": "rtb-a3ff69c7",
                            "state": "active",
                            "vpc_peering_connection_id": "pcx-ec73d985"
                        },
                        "meta": {},
                        "tainted": false
                    },
                    "deposed": [],
                    "provider": ""
                },
                "aws_route.infra_natdc.1": {
                    "type": "aws_route",
                    "depends_on": [
                        "aws_vpc_peering_connection.infra"
                    ],
                    "primary": {
                        "id": "r-rtb-dc6bb1ba3880337004",
                        "attributes": {
                            "destination_cidr_block": "10.126.48.0/20",
                            "destination_prefix_list_id": "",
                            "egress_only_gateway_id": "",
                            "gateway_id": "",
                            "id": "r-rtb-dc6bb1ba3880337004",
                            "instance_id": "",
                            "instance_owner_id": "",
                            "nat_gateway_id": "",
                            "network_interface_id": "",
                            "origin": "CreateRoute",
                            "route_table_id": "rtb-dc6bb1ba",
                            "state": "active",
                            "vpc_peering_connection_id": "pcx-ec73d985"
                        },
                        "meta": {},
                        "tainted": false
                    },
                    "deposed": [],
                    "provider": ""
                },
                "aws_route.infra_natdc.2": {
                    "type": "aws_route",
                    "depends_on": [
                        "aws_vpc_peering_connection.infra"
                    ],
                    "primary": {
                        "id": "r-rtb-2d74ae4b3880337004",
                        "attributes": {
                            "destination_cidr_block": "10.126.48.0/20",
                            "destination_prefix_list_id": "",
                            "egress_only_gateway_id": "",
                            "gateway_id": "",
                            "id": "r-rtb-2d74ae4b3880337004",
                            "instance_id": "",
                            "instance_owner_id": "",
                            "nat_gateway_id": "",
                            "network_interface_id": "",
                            "origin": "CreateRoute",
                            "route_table_id": "rtb-2d74ae4b",
                            "state": "active",
                            "vpc_peering_connection_id": "pcx-ec73d985"
                        },
                        "meta": {},
                        "tainted": false
                    },
                    "deposed": [],
                    "provider": ""
                },
                "aws_route.infra_private": {
                    "type": "aws_route",
                    "depends_on": [
                        "aws_vpc_peering_connection.infra"
                    ],
                    "primary": {
                        "id": "r-rtb-26ff69423880337004",
                        "attributes": {
                            "destination_cidr_block": "10.126.48.0/20",
                            "destination_prefix_list_id": "",
                            "egress_only_gateway_id": "",
                            "gateway_id": "",
                            "id": "r-rtb-26ff69423880337004",
                            "instance_id": "",
                            "instance_owner_id": "",
                            "nat_gateway_id": "",
                            "network_interface_id": "",
                            "origin": "CreateRoute",
                            "route_table_id": "rtb-26ff6942",
                            "state": "active",
                            "vpc_peering_connection_id": "pcx-ec73d985"
                        },
                        "meta": {},
                        "tainted": false
                    },
                    "deposed": [],
                    "provider": ""
                },
                "aws_route.infra_public": {
                    "type": "aws_route",
                    "depends_on": [
                        "aws_vpc_peering_connection.infra"
                    ],
                    "primary": {
                        "id": "r-rtb-22ff69463880337004",
                        "attributes": {
                            "destination_cidr_block": "10.126.48.0/20",
                            "destination_prefix_list_id": "",
                            "egress_only_gateway_id": "",
                            "gateway_id": "",
                            "id": "r-rtb-22ff69463880337004",
                            "instance_id": "",
                            "instance_owner_id": "",
                            "nat_gateway_id": "",
                            "network_interface_id": "",
                            "origin": "CreateRoute",
                            "route_table_id": "rtb-22ff6946",
                            "state": "active",
                            "vpc_peering_connection_id": "pcx-ec73d985"
                        },
                        "meta": {},
                        "tainted": false
                    },
                    "deposed": [],
                    "provider": ""
                },
                "aws_route.microservices_jcx_natdc.0": {
                    "type": "aws_route",
                    "depends_on": [
                        "aws_route_table.natdc.*"
                    ],
                    "primary": {
                        "id": "r-rtb-1ea8377a3789401802",
                        "attributes": {
                            "destination_cidr_block": "10.122.112.0/20",
                            "destination_prefix_list_id": "",
                            "egress_only_gateway_id": "",
                            "gateway_id": "",
                            "id": "r-rtb-1ea8377a3789401802",
                            "instance_id": "",
                            "instance_owner_id": "",
                            "nat_gateway_id": "",
                            "network_interface_id": "",
                            "origin": "CreateRoute",
                            "route_table_id": "rtb-1ea8377a",
                            "state": "active",
                            "vpc_peering_connection_id": "pcx-27ca444e"
                        },
                        "meta": {},
                        "tainted": false
                    },
                    "deposed": [],
                    "provider": ""
                },
                "aws_route.microservices_jcx_natdc.1": {
                    "type": "aws_route",
                    "depends_on": [
                        "aws_route_table.natdc.*"
                    ],
                    "primary": {
                        "id": "r-rtb-b76bb1d13789401802",
                        "attributes": {
                            "destination_cidr_block": "10.122.112.0/20",
                            "destination_prefix_list_id": "",
                            "egress_only_gateway_id": "",
                            "gateway_id": "",
                            "id": "r-rtb-b76bb1d13789401802",
                            "instance_id": "",
                            "instance_owner_id": "",
                            "nat_gateway_id": "",
                            "network_interface_id": "",
                            "origin": "CreateRoute",
                            "route_table_id": "rtb-b76bb1d1",
                            "state": "active",
                            "vpc_peering_connection_id": "pcx-27ca444e"
                        },
                        "meta": {},
                        "tainted": false
                    },
                    "deposed": [],
                    "provider": ""
                },
                "aws_route.microservices_jcx_natdc.2": {
                    "type": "aws_route",
                    "depends_on": [
                        "aws_route_table.natdc.*"
                    ],
                    "primary": {
                        "id": "r-rtb-e175af873789401802",
                        "attributes": {
                            "destination_cidr_block": "10.122.112.0/20",
                            "destination_prefix_list_id": "",
                            "egress_only_gateway_id": "",
                            "gateway_id": "",
                            "id": "r-rtb-e175af873789401802",
                            "instance_id": "",
                            "instance_owner_id": "",
                            "nat_gateway_id": "",
                            "network_interface_id": "",
                            "origin": "CreateRoute",
                            "route_table_id": "rtb-e175af87",
                            "state": "active",
                            "vpc_peering_connection_id": "pcx-27ca444e"
                        },
                        "meta": {},
                        "tainted": false
                    },
                    "deposed": [],
                    "provider": ""
                },
                "aws_route.microservices_jcx_private": {
                    "type": "aws_route",
                    "depends_on": [
                        "aws_route_table.private"
                    ],
                    "primary": {
                        "id": "r-rtb-7aa8371e3789401802",
                        "attributes": {
                            "destination_cidr_block": "10.122.112.0/20",
                            "destination_prefix_list_id": "",
                            "egress_only_gateway_id": "",
                            "gateway_id": "",
                            "id": "r-rtb-7aa8371e3789401802",
                            "instance_id": "",
                            "instance_owner_id": "",
                            "nat_gateway_id": "",
                            "network_interface_id": "",
                            "origin": "CreateRoute",
                            "route_table_id": "rtb-7aa8371e",
                            "state": "active",
                            "vpc_peering_connection_id": "pcx-27ca444e"
                        },
                        "meta": {},
                        "tainted": false
                    },
                    "deposed": [],
                    "provider": ""
                },
                "aws_route.microservices_jcx_public": {
                    "type": "aws_route",
                    "depends_on": [
                        "aws_route_table.public"
                    ],
                    "primary": {
                        "id": "r-rtb-7ba8371f3789401802",
                        "attributes": {
                            "destination_cidr_block": "10.122.112.0/20",
                            "destination_prefix_list_id": "",
                            "egress_only_gateway_id": "",
                            "gateway_id": "",
                            "id": "r-rtb-7ba8371f3789401802",
                            "instance_id": "",
                            "instance_owner_id": "",
                            "nat_gateway_id": "",
                            "network_interface_id": "",
                            "origin": "CreateRoute",
                            "route_table_id": "rtb-7ba8371f",
                            "state": "active",
                            "vpc_peering_connection_id": "pcx-27ca444e"
                        },
                        "meta": {},
                        "tainted": false
                    },
                    "deposed": [],
                    "provider": ""
                },
                "aws_route.microservices_natdc.0": {
                    "type": "aws_route",
                    "depends_on": [
                        "aws_route_table.natdc.*"
                    ],
                    "primary": {
                        "id": "r-rtb-1ea8377a2455901786",
                        "attributes": {
                            "destination_cidr_block": "10.124.96.0/20",
                            "destination_prefix_list_id": "",
                            "egress_only_gateway_id": "",
                            "gateway_id": "",
                            "id": "r-rtb-1ea8377a2455901786",
                            "instance_id": "",
                            "instance_owner_id": "",
                            "nat_gateway_id": "",
                            "network_interface_id": "",
                            "origin": "CreateRoute",
                            "route_table_id": "rtb-1ea8377a",
                            "state": "active",
                            "vpc_peering_connection_id": "pcx-a4800ccd"
                        },
                        "meta": {},
                        "tainted": false
                    },
                    "deposed": [],
                    "provider": ""
                },
                "aws_route.microservices_natdc.1": {
                    "type": "aws_route",
                    "depends_on": [
                        "aws_route_table.natdc.*"
                    ],
                    "primary": {
                        "id": "r-rtb-b76bb1d12455901786",
                        "attributes": {
                            "destination_cidr_block": "10.124.96.0/20",
                            "destination_prefix_list_id": "",
                            "egress_only_gateway_id": "",
                            "gateway_id": "",
                            "id": "r-rtb-b76bb1d12455901786",
                            "instance_id": "",
                            "instance_owner_id": "",
                            "nat_gateway_id": "",
                            "network_interface_id": "",
                            "origin": "CreateRoute",
                            "route_table_id": "rtb-b76bb1d1",
                            "state": "active",
                            "vpc_peering_connection_id": "pcx-a4800ccd"
                        },
                        "meta": {},
                        "tainted": false
                    },
                    "deposed": [],
                    "provider": ""
                },
                "aws_route.microservices_natdc.2": {
                    "type": "aws_route",
                    "depends_on": [
                        "aws_route_table.natdc.*"
                    ],
                    "primary": {
                        "id": "r-rtb-e175af872455901786",
                        "attributes": {
                            "destination_cidr_block": "10.124.96.0/20",
                            "destination_prefix_list_id": "",
                            "egress_only_gateway_id": "",
                            "gateway_id": "",
                            "id": "r-rtb-e175af872455901786",
                            "instance_id": "",
                            "instance_owner_id": "",
                            "nat_gateway_id": "",
                            "network_interface_id": "",
                            "origin": "CreateRoute",
                            "route_table_id": "rtb-e175af87",
                            "state": "active",
                            "vpc_peering_connection_id": "pcx-a4800ccd"
                        },
                        "meta": {},
                        "tainted": false
                    },
                    "deposed": [],
                    "provider": ""
                },
                "aws_route.microservices_private": {
                    "type": "aws_route",
                    "depends_on": [
                        "aws_route_table.private"
                    ],
                    "primary": {
                        "id": "r-rtb-7aa8371e2455901786",
                        "attributes": {
                            "destination_cidr_block": "10.124.96.0/20",
                            "destination_prefix_list_id": "",
                            "egress_only_gateway_id": "",
                            "gateway_id": "",
                            "id": "r-rtb-7aa8371e2455901786",
                            "instance_id": "",
                            "instance_owner_id": "",
                            "nat_gateway_id": "",
                            "network_interface_id": "",
                            "origin": "CreateRoute",
                            "route_table_id": "rtb-7aa8371e",
                            "state": "active",
                            "vpc_peering_connection_id": "pcx-a4800ccd"
                        },
                        "meta": {},
                        "tainted": false
                    },
                    "deposed": [],
                    "provider": ""
                },
                "aws_route.microservices_public": {
                    "type": "aws_route",
                    "depends_on": [
                        "aws_route_table.public"
                    ],
                    "primary": {
                        "id": "r-rtb-7ba8371f2455901786",
                        "attributes": {
                            "destination_cidr_block": "10.124.96.0/20",
                            "destination_prefix_list_id": "",
                            "egress_only_gateway_id": "",
                            "gateway_id": "",
                            "id": "r-rtb-7ba8371f2455901786",
                            "instance_id": "",
                            "instance_owner_id": "",
                            "nat_gateway_id": "",
                            "network_interface_id": "",
                            "origin": "CreateRoute",
                            "route_table_id": "rtb-7ba8371f",
                            "state": "active",
                            "vpc_peering_connection_id": "pcx-a4800ccd"
                        },
                        "meta": {},
                        "tainted": false
                    },
                    "deposed": [],
                    "provider": ""
                },
                "aws_route53_zone_association.route53": {
                    "type": "aws_route53_zone_association",
                    "depends_on": [
                        "aws_vpc.main"
                    ],
                    "primary": {
                        "id": "Z3FK7RX5N4M7YS:vpc-238d3947",
                        "attributes": {
                            "id": "Z3FK7RX5N4M7YS:vpc-238d3947",
                            "vpc_id": "vpc-238d3947",
                            "vpc_region": "us-west-2",
                            "zone_id": "Z3FK7RX5N4M7YS"
                        },
                        "meta": {},
                        "tainted": false
                    },
                    "deposed": [],
                    "provider": ""
                },
                "aws_route_table.natdc.0": {
                    "type": "aws_route_table",
                    "depends_on": [
                        "aws_nat_gateway.natgw",
                        "aws_vpc.main",
                        "aws_vpn_gateway.vgw"
                    ],
                    "primary": {
                        "id": "rtb-1ea8377a",
                        "attributes": {
                            "id": "rtb-1ea8377a",
                            "propagating_vgws.#": "1",
                            "propagating_vgws.2678440860": "vgw-0ea57c10",
                            "route.#": "4",
                            "route.1022931584.cidr_block": "10.127.51.7/32",
                            "route.1022931584.egress_only_gateway_id": "",
                            "route.1022931584.gateway_id": "",
                            "route.1022931584.instance_id": "",
                            "route.1022931584.ipv6_cidr_block": "",
                            "route.1022931584.nat_gateway_id": "",
                            "route.1022931584.network_interface_id": "",
                            "route.1022931584.vpc_peering_connection_id": "pcx-ec73d985",
                            "route.3302385067.cidr_block": "0.0.0.0/0",
                            "route.3302385067.egress_only_gateway_id": "",
                            "route.3302385067.gateway_id": "",
                            "route.3302385067.instance_id": "",
                            "route.3302385067.ipv6_cidr_block": "",
                            "route.3302385067.nat_gateway_id": "nat-01e1a30e484655c91",
                            "route.3302385067.network_interface_id": "",
                            "route.3302385067.vpc_peering_connection_id": "",
                            "route.3484961418.cidr_block": "10.124.96.0/20",
                            "route.3484961418.egress_only_gateway_id": "",
                            "route.3484961418.gateway_id": "",
                            "route.3484961418.instance_id": "",
                            "route.3484961418.ipv6_cidr_block": "",
                            "route.3484961418.nat_gateway_id": "",
                            "route.3484961418.network_interface_id": "",
                            "route.3484961418.vpc_peering_connection_id": "pcx-a4800ccd",
                            "route.4230609090.cidr_block": "10.122.112.0/20",
                            "route.4230609090.egress_only_gateway_id": "",
                            "route.4230609090.gateway_id": "",
                            "route.4230609090.instance_id": "",
                            "route.4230609090.ipv6_cidr_block": "",
                            "route.4230609090.nat_gateway_id": "",
                            "route.4230609090.network_interface_id": "",
                            "route.4230609090.vpc_peering_connection_id": "pcx-27ca444e",
                            "tags.%": "5",
                            "tags.Name": "brewprod-natdc-routetable",
                            "tags.account_name": "jive-reco-brewprod",
                            "tags.pipeline_phase": "brewprod",
                            "tags.region": "us-west-2",
                            "tags.sla": "prod",
                            "vpc_id": "vpc-238d3947"
                        },
                        "meta": {},
                        "tainted": false
                    },
                    "deposed": [],
                    "provider": ""
                },
                "aws_route_table.natdc.1": {
                    "type": "aws_route_table",
                    "depends_on": [
                        "aws_nat_gateway.natgw.*",
                        "aws_vpc.main",
                        "aws_vpn_gateway.vgw"
                    ],
                    "primary": {
                        "id": "rtb-b76bb1d1",
                        "attributes": {
                            "id": "rtb-b76bb1d1",
                            "propagating_vgws.#": "1",
                            "propagating_vgws.2678440860": "vgw-0ea57c10",
                            "route.#": "4",
                            "route.1022931584.cidr_block": "10.127.51.7/32",
                            "route.1022931584.egress_only_gateway_id": "",
                            "route.1022931584.gateway_id": "",
                            "route.1022931584.instance_id": "",
                            "route.1022931584.ipv6_cidr_block": "",
                            "route.1022931584.nat_gateway_id": "",
                            "route.1022931584.network_interface_id": "",
                            "route.1022931584.vpc_peering_connection_id": "pcx-ec73d985",
                            "route.3302385067.cidr_block": "0.0.0.0/0",
                            "route.3302385067.egress_only_gateway_id": "",
                            "route.3302385067.gateway_id": "",
                            "route.3302385067.instance_id": "",
                            "route.3302385067.ipv6_cidr_block": "",
                            "route.3302385067.nat_gateway_id": "nat-01e1a30e484655c91",
                            "route.3302385067.network_interface_id": "",
                            "route.3302385067.vpc_peering_connection_id": "",
                            "route.3484961418.cidr_block": "10.124.96.0/20",
                            "route.3484961418.egress_only_gateway_id": "",
                            "route.3484961418.gateway_id": "",
                            "route.3484961418.instance_id": "",
                            "route.3484961418.ipv6_cidr_block": "",
                            "route.3484961418.nat_gateway_id": "",
                            "route.3484961418.network_interface_id": "",
                            "route.3484961418.vpc_peering_connection_id": "pcx-a4800ccd",
                            "route.4230609090.cidr_block": "10.122.112.0/20",
                            "route.4230609090.egress_only_gateway_id": "",
                            "route.4230609090.gateway_id": "",
                            "route.4230609090.instance_id": "",
                            "route.4230609090.ipv6_cidr_block": "",
                            "route.4230609090.nat_gateway_id": "",
                            "route.4230609090.network_interface_id": "",
                            "route.4230609090.vpc_peering_connection_id": "pcx-27ca444e",
                            "tags.%": "5",
                            "tags.Name": "brewprod-natdc-routetable",
                            "tags.account_name": "jive-reco-brewprod",
                            "tags.pipeline_phase": "brewprod",
                            "tags.region": "us-west-2",
                            "tags.sla": "prod",
                            "vpc_id": "vpc-238d3947"
                        },
                        "meta": {},
                        "tainted": false
                    },
                    "deposed": [],
                    "provider": ""
                },
                "aws_route_table.natdc.2": {
                    "type": "aws_route_table",
                    "depends_on": [
                        "aws_nat_gateway.natgw.*",
                        "aws_vpc.main",
                        "aws_vpn_gateway.vgw"
                    ],
                    "primary": {
                        "id": "rtb-e175af87",
                        "attributes": {
                            "id": "rtb-e175af87",
                            "propagating_vgws.#": "1",
                            "propagating_vgws.2678440860": "vgw-0ea57c10",
                            "route.#": "4",
                            "route.1022931584.cidr_block": "10.127.51.7/32",
                            "route.1022931584.egress_only_gateway_id": "",
                            "route.1022931584.gateway_id": "",
                            "route.1022931584.instance_id": "",
                            "route.1022931584.ipv6_cidr_block": "",
                            "route.1022931584.nat_gateway_id": "",
                            "route.1022931584.network_interface_id": "",
                            "route.1022931584.vpc_peering_connection_id": "pcx-ec73d985",
                            "route.1472498968.cidr_block": "0.0.0.0/0",
                            "route.1472498968.egress_only_gateway_id": "",
                            "route.1472498968.gateway_id": "",
                            "route.1472498968.instance_id": "",
                            "route.1472498968.ipv6_cidr_block": "",
                            "route.1472498968.nat_gateway_id": "nat-0da30e4b0fc71e63f",
                            "route.1472498968.network_interface_id": "",
                            "route.1472498968.vpc_peering_connection_id": "",
                            "route.3484961418.cidr_block": "10.124.96.0/20",
                            "route.3484961418.egress_only_gateway_id": "",
                            "route.3484961418.gateway_id": "",
                            "route.3484961418.instance_id": "",
                            "route.3484961418.ipv6_cidr_block": "",
                            "route.3484961418.nat_gateway_id": "",
                            "route.3484961418.network_interface_id": "",
                            "route.3484961418.vpc_peering_connection_id": "pcx-a4800ccd",
                            "route.4230609090.cidr_block": "10.122.112.0/20",
                            "route.4230609090.egress_only_gateway_id": "",
                            "route.4230609090.gateway_id": "",
                            "route.4230609090.instance_id": "",
                            "route.4230609090.ipv6_cidr_block": "",
                            "route.4230609090.nat_gateway_id": "",
                            "route.4230609090.network_interface_id": "",
                            "route.4230609090.vpc_peering_connection_id": "pcx-27ca444e",
                            "tags.%": "5",
                            "tags.Name": "brewprod-natdc-routetable",
                            "tags.account_name": "jive-reco-brewprod",
                            "tags.pipeline_phase": "brewprod",
                            "tags.region": "us-west-2",
                            "tags.sla": "prod",
                            "vpc_id": "vpc-238d3947"
                        },
                        "meta": {},
                        "tainted": false
                    },
                    "deposed": [],
                    "provider": ""
                },
                "aws_route_table.private": {
                    "type": "aws_route_table",
                    "depends_on": [
                        "aws_vpc.main"
                    ],
                    "primary": {
                        "id": "rtb-7aa8371e",
                        "attributes": {
                            "id": "rtb-7aa8371e",
                            "propagating_vgws.#": "0",
                            "route.#": "3",
                            "route.1022931584.cidr_block": "10.127.51.7/32",
                            "route.1022931584.egress_only_gateway_id": "",
                            "route.1022931584.gateway_id": "",
                            "route.1022931584.instance_id": "",
                            "route.1022931584.ipv6_cidr_block": "",
                            "route.1022931584.nat_gateway_id": "",
                            "route.1022931584.network_interface_id": "",
                            "route.1022931584.vpc_peering_connection_id": "pcx-ec73d985",
                            "route.3484961418.cidr_block": "10.124.96.0/20",
                            "route.3484961418.egress_only_gateway_id": "",
                            "route.3484961418.gateway_id": "",
                            "route.3484961418.instance_id": "",
                            "route.3484961418.ipv6_cidr_block": "",
                            "route.3484961418.nat_gateway_id": "",
                            "route.3484961418.network_interface_id": "",
                            "route.3484961418.vpc_peering_connection_id": "pcx-a4800ccd",
                            "route.4230609090.cidr_block": "10.122.112.0/20",
                            "route.4230609090.egress_only_gateway_id": "",
                            "route.4230609090.gateway_id": "",
                            "route.4230609090.instance_id": "",
                            "route.4230609090.ipv6_cidr_block": "",
                            "route.4230609090.nat_gateway_id": "",
                            "route.4230609090.network_interface_id": "",
                            "route.4230609090.vpc_peering_connection_id": "pcx-27ca444e",
                            "tags.%": "5",
                            "tags.Name": "brewprod-private-routetable",
                            "tags.account_name": "jive-reco-brewprod",
                            "tags.pipeline_phase": "brewprod",
                            "tags.region": "us-west-2",
                            "tags.sla": "prod",
                            "vpc_id": "vpc-238d3947"
                        },
                        "meta": {},
                        "tainted": false
                    },
                    "deposed": [],
                    "provider": ""
                },
                "aws_route_table.public": {
                    "type": "aws_route_table",
                    "depends_on": [
                        "aws_internet_gateway.igw",
                        "aws_vpc.main"
                    ],
                    "primary": {
                        "id": "rtb-7ba8371f",
                        "attributes": {
                            "id": "rtb-7ba8371f",
                            "propagating_vgws.#": "0",
                            "route.#": "4",
                            "route.1022931584.cidr_block": "10.127.51.7/32",
                            "route.1022931584.egress_only_gateway_id": "",
                            "route.1022931584.gateway_id": "",
                            "route.1022931584.instance_id": "",
                            "route.1022931584.ipv6_cidr_block": "",
                            "route.1022931584.nat_gateway_id": "",
                            "route.1022931584.network_interface_id": "",
                            "route.1022931584.vpc_peering_connection_id": "pcx-ec73d985",
                            "route.2314487998.cidr_block": "0.0.0.0/0",
                            "route.2314487998.egress_only_gateway_id": "",
                            "route.2314487998.gateway_id": "igw-804442e5",
                            "route.2314487998.instance_id": "",
                            "route.2314487998.ipv6_cidr_block": "",
                            "route.2314487998.nat_gateway_id": "",
                            "route.2314487998.network_interface_id": "",
                            "route.2314487998.vpc_peering_connection_id": "",
                            "route.3484961418.cidr_block": "10.124.96.0/20",
                            "route.3484961418.egress_only_gateway_id": "",
                            "route.3484961418.gateway_id": "",
                            "route.3484961418.instance_id": "",
                            "route.3484961418.ipv6_cidr_block": "",
                            "route.3484961418.nat_gateway_id": "",
                            "route.3484961418.network_interface_id": "",
                            "route.3484961418.vpc_peering_connection_id": "pcx-a4800ccd",
                            "route.4230609090.cidr_block": "10.122.112.0/20",
                            "route.4230609090.egress_only_gateway_id": "",
                            "route.4230609090.gateway_id": "",
                            "route.4230609090.instance_id": "",
                            "route.4230609090.ipv6_cidr_block": "",
                            "route.4230609090.nat_gateway_id": "",
                            "route.4230609090.network_interface_id": "",
                            "route.4230609090.vpc_peering_connection_id": "pcx-27ca444e",
                            "tags.%": "6",
                            "tags.KubernetesCluster": "us-west-2_jive-reco-brewprod",
                            "tags.Name": "brewprod-public-routetable",
                            "tags.account_name": "jive-reco-brewprod",
                            "tags.pipeline_phase": "brewprod",
                            "tags.region": "us-west-2",
                            "tags.sla": "prod",
                            "vpc_id": "vpc-238d3947"
                        },
                        "meta": {},
                        "tainted": false
                    },
                    "deposed": [],
                    "provider": ""
                },
                "aws_route_table_association.natdc.0": {
                    "type": "aws_route_table_association",
                    "depends_on": [
                        "aws_route_table.natdc.*",
                        "aws_subnet.natdc.*"
                    ],
                    "primary": {
                        "id": "rtbassoc-e1131085",
                        "attributes": {
                            "id": "rtbassoc-e1131085",
                            "route_table_id": "rtb-1ea8377a",
                            "subnet_id": "subnet-24b86d52"
                        },
                        "meta": {},
                        "tainted": false
                    },
                    "deposed": [],
                    "provider": ""
                },
                "aws_route_table_association.natdc.1": {
                    "type": "aws_route_table_association",
                    "depends_on": [
                        "aws_route_table.natdc.*",
                        "aws_subnet.natdc.*"
                    ],
                    "primary": {
                        "id": "rtbassoc-a019c9d9",
                        "attributes": {
                            "id": "rtbassoc-a019c9d9",
                            "route_table_id": "rtb-b76bb1d1",
                            "subnet_id": "subnet-a6ec09fe"
                        },
                        "meta": {},
                        "tainted": false
                    },
                    "deposed": [],
                    "provider": ""
                },
                "aws_route_table_association.natdc.2": {
                    "type": "aws_route_table_association",
                    "depends_on": [
                        "aws_route_table.natdc.*",
                        "aws_subnet.natdc.*"
                    ],
                    "primary": {
                        "id": "rtbassoc-a119c9d8",
                        "attributes": {
                            "id": "rtbassoc-a119c9d8",
                            "route_table_id": "rtb-e175af87",
                            "subnet_id": "subnet-2f75c54b"
                        },
                        "meta": {},
                        "tainted": false
                    },
                    "deposed": [],
                    "provider": ""
                },
                "aws_route_table_association.private.0": {
                    "type": "aws_route_table_association",
                    "depends_on": [
                        "aws_route_table.private",
                        "aws_subnet.private"
                    ],
                    "primary": {
                        "id": "rtbassoc-75131011",
                        "attributes": {
                            "id": "rtbassoc-75131011",
                            "route_table_id": "rtb-7aa8371e",
                            "subnet_id": "subnet-3475c550"
                        },
                        "meta": {},
                        "tainted": false
                    },
                    "deposed": [],
                    "provider": ""
                },
                "aws_route_table_association.private.1": {
                    "type": "aws_route_table_association",
                    "depends_on": [
                        "aws_route_table.private",
                        "aws_subnet.private"
                    ],
                    "primary": {
                        "id": "rtbassoc-77131013",
                        "attributes": {
                            "id": "rtbassoc-77131013",
                            "route_table_id": "rtb-7aa8371e",
                            "subnet_id": "subnet-20b86d56"
                        },
                        "meta": {},
                        "tainted": false
                    },
                    "deposed": [],
                    "provider": ""
                },
                "aws_route_table_association.private.2": {
                    "type": "aws_route_table_association",
                    "depends_on": [
                        "aws_route_table.private",
                        "aws_subnet.private"
                    ],
                    "primary": {
                        "id": "rtbassoc-76131012",
                        "attributes": {
                            "id": "rtbassoc-76131012",
                            "route_table_id": "rtb-7aa8371e",
                            "subnet_id": "subnet-a1ec09f9"
                        },
                        "meta": {},
                        "tainted": false
                    },
                    "deposed": [],
                    "provider": ""
                },
                "aws_route_table_association.public.0": {
                    "type": "aws_route_table_association",
                    "depends_on": [
                        "aws_route_table.public",
                        "aws_subnet.public"
                    ],
                    "primary": {
                        "id": "rtbassoc-71131015",
                        "attributes": {
                            "id": "rtbassoc-71131015",
                            "route_table_id": "rtb-7ba8371f",
                            "subnet_id": "subnet-2875c54c"
                        },
                        "meta": {},
                        "tainted": false
                    },
                    "deposed": [],
                    "provider": ""
                },
                "aws_route_table_association.public.1": {
                    "type": "aws_route_table_association",
                    "depends_on": [
                        "aws_route_table.public",
                        "aws_subnet.public"
                    ],
                    "primary": {
                        "id": "rtbassoc-73131017",
                        "attributes": {
                            "id": "rtbassoc-73131017",
                            "route_table_id": "rtb-7ba8371f",
                            "subnet_id": "subnet-25b86d53"
                        },
                        "meta": {},
                        "tainted": false
                    },
                    "deposed": [],
                    "provider": ""
                },
                "aws_route_table_association.public.2": {
                    "type": "aws_route_table_association",
                    "depends_on": [
                        "aws_route_table.public",
                        "aws_subnet.public"
                    ],
                    "primary": {
                        "id": "rtbassoc-72131016",
                        "attributes": {
                            "id": "rtbassoc-72131016",
                            "route_table_id": "rtb-7ba8371f",
                            "subnet_id": "subnet-a4ec09fc"
                        },
                        "meta": {},
                        "tainted": false
                    },
                    "deposed": [],
                    "provider": ""
                },
                "aws_security_group.admin_instance": {
                    "type": "aws_security_group",
                    "depends_on": [
                        "aws_vpc.main"
                    ],
                    "primary": {
                        "id": "sg-de6077b9",
                        "attributes": {
                            "description": "Admin instances for the VPC",
                            "egress.#": "0",
                            "id": "sg-de6077b9",
                            "ingress.#": "0",
                            "name": "brewprod-admin-instance",
                            "owner_id": "549229563172",
                            "tags.%": "5",
                            "tags.account_name": "jive-reco-brewprod",
                            "tags.name": "brewprod-admin-instance",
                            "tags.pipeline_phase": "brewprod",
                            "tags.region": "us-west-2",
                            "tags.sla": "prod",
                            "vpc_id": "vpc-238d3947"
                        },
                        "meta": {},
                        "tainted": false
                    },
                    "deposed": [],
                    "provider": ""
                },
                "aws_security_group.env_instance": {
                    "type": "aws_security_group",
                    "depends_on": [
                        "aws_vpc.main",
                        "data.aws_security_group.bastion"
                    ],
                    "primary": {
                        "id": "sg-a46077c3",
                        "attributes": {
                            "description": "All instances within the evironment",
                            "egress.#": "1",
                            "egress.482069346.cidr_blocks.#": "1",
                            "egress.482069346.cidr_blocks.0": "0.0.0.0/0",
                            "egress.482069346.from_port": "0",
                            "egress.482069346.ipv6_cidr_blocks.#": "0",
                            "egress.482069346.prefix_list_ids.#": "0",
                            "egress.482069346.protocol": "-1",
                            "egress.482069346.security_groups.#": "0",
                            "egress.482069346.self": "false",
                            "egress.482069346.to_port": "0",
                            "id": "sg-a46077c3",
                            "ingress.#": "2",
                            "ingress.1664293688.cidr_blocks.#": "0",
                            "ingress.1664293688.from_port": "8",
                            "ingress.1664293688.ipv6_cidr_blocks.#": "0",
                            "ingress.1664293688.protocol": "icmp",
                            "ingress.1664293688.security_groups.#": "1",
                            "ingress.1664293688.security_groups.2827081244": "sg-d03c3ab7",
                            "ingress.1664293688.self": "false",
                            "ingress.1664293688.to_port": "0",
                            "ingress.3729245339.cidr_blocks.#": "0",
                            "ingress.3729245339.from_port": "22",
                            "ingress.3729245339.ipv6_cidr_blocks.#": "0",
                            "ingress.3729245339.protocol": "tcp",
                            "ingress.3729245339.security_groups.#": "1",
                            "ingress.3729245339.security_groups.2827081244": "sg-d03c3ab7",
                            "ingress.3729245339.self": "false",
                            "ingress.3729245339.to_port": "22",
                            "name": "brewprod-instance",
                            "owner_id": "549229563172",
                            "tags.%": "5",
                            "tags.account_name": "jive-reco-brewprod",
                            "tags.name": "brewprod-instance",
                            "tags.pipeline_phase": "brewprod",
                            "tags.region": "us-west-2",
                            "tags.sla": "prod",
                            "vpc_id": "vpc-238d3947"
                        },
                        "meta": {},
                        "tainted": false
                    },
                    "deposed": [],
                    "provider": ""
                },
                "aws_security_group.natgw_instance": {
                    "type": "aws_security_group",
                    "depends_on": [
                        "aws_security_group.env_instance",
                        "aws_vpc.main"
                    ],
                    "primary": {
                        "id": "sg-a06077c7",
                        "attributes": {
                            "description": "Members of this SG are allowed to send any type of traffic to the NAT Box.",
                            "egress.#": "0",
                            "id": "sg-a06077c7",
                            "ingress.#": "1",
                            "ingress.4121639323.cidr_blocks.#": "0",
                            "ingress.4121639323.from_port": "0",
                            "ingress.4121639323.ipv6_cidr_blocks.#": "0",
                            "ingress.4121639323.protocol": "-1",
                            "ingress.4121639323.security_groups.#": "1",
                            "ingress.4121639323.security_groups.3262507214": "sg-a46077c3",
                            "ingress.4121639323.self": "false",
                            "ingress.4121639323.to_port": "0",
                            "name": "brewprod-natgw-instance",
                            "owner_id": "549229563172",
                            "tags.%": "5",
                            "tags.account_name": "jive-reco-brewprod",
                            "tags.name": "brewprod-natgw-instance",
                            "tags.pipeline_phase": "brewprod",
                            "tags.region": "us-west-2",
                            "tags.sla": "prod",
                            "vpc_id": "vpc-238d3947"
                        },
                        "meta": {},
                        "tainted": false
                    },
                    "deposed": [],
                    "provider": ""
                },
                "aws_subnet.natdc.0": {
                    "type": "aws_subnet",
                    "depends_on": [
                        "aws_vpc.main"
                    ],
                    "primary": {
                        "id": "subnet-2f75c54b",
                        "attributes": {
                            "assign_ipv6_address_on_creation": "false",
                            "availability_zone": "us-west-2a",
                            "cidr_block": "10.126.48.0/22",
                            "id": "subnet-2f75c54b",
                            "map_public_ip_on_launch": "false",
                            "tags.%": "5",
                            "tags.Name": "brewprod-natdc-subnet",
                            "tags.account_name": "jive-reco-brewprod",
                            "tags.pipeline_phase": "brewprod",
                            "tags.region": "us-west-2",
                            "tags.sla": "prod",
                            "vpc_id": "vpc-238d3947"
                        },
                        "meta": {},
                        "tainted": false
                    },
                    "deposed": [],
                    "provider": ""
                },
                "aws_subnet.natdc.1": {
                    "type": "aws_subnet",
                    "depends_on": [
                        "aws_vpc.main"
                    ],
                    "primary": {
                        "id": "subnet-24b86d52",
                        "attributes": {
                            "assign_ipv6_address_on_creation": "false",
                            "availability_zone": "us-west-2b",
                            "cidr_block": "10.126.52.0/22",
                            "id": "subnet-24b86d52",
                            "map_public_ip_on_launch": "false",
                            "tags.%": "5",
                            "tags.Name": "brewprod-natdc-subnet",
                            "tags.account_name": "jive-reco-brewprod",
                            "tags.pipeline_phase": "brewprod",
                            "tags.region": "us-west-2",
                            "tags.sla": "prod",
                            "vpc_id": "vpc-238d3947"
                        },
                        "meta": {},
                        "tainted": false
                    },
                    "deposed": [],
                    "provider": ""
                },
                "aws_subnet.natdc.2": {
                    "type": "aws_subnet",
                    "depends_on": [
                        "aws_vpc.main"
                    ],
                    "primary": {
                        "id": "subnet-a6ec09fe",
                        "attributes": {
                            "assign_ipv6_address_on_creation": "false",
                            "availability_zone": "us-west-2c",
                            "cidr_block": "10.126.56.0/22",
                            "id": "subnet-a6ec09fe",
                            "map_public_ip_on_launch": "false",
                            "tags.%": "5",
                            "tags.Name": "brewprod-natdc-subnet",
                            "tags.account_name": "jive-reco-brewprod",
                            "tags.pipeline_phase": "brewprod",
                            "tags.region": "us-west-2",
                            "tags.sla": "prod",
                            "vpc_id": "vpc-238d3947"
                        },
                        "meta": {},
                        "tainted": false
                    },
                    "deposed": [],
                    "provider": ""
                },
                "aws_subnet.private.0": {
                    "type": "aws_subnet",
                    "depends_on": [
                        "aws_vpc.main"
                    ],
                    "primary": {
                        "id": "subnet-3475c550",
                        "attributes": {
                            "assign_ipv6_address_on_creation": "false",
                            "availability_zone": "us-west-2a",
                            "cidr_block": "10.126.61.128/25",
                            "id": "subnet-3475c550",
                            "map_public_ip_on_launch": "false",
                            "tags.%": "5",
                            "tags.Name": "brewprod-private-subnet",
                            "tags.account_name": "jive-reco-brewprod",
                            "tags.pipeline_phase": "brewprod",
                            "tags.region": "us-west-2",
                            "tags.sla": "prod",
                            "vpc_id": "vpc-238d3947"
                        },
                        "meta": {},
                        "tainted": false
                    },
                    "deposed": [],
                    "provider": ""
                },
                "aws_subnet.private.1": {
                    "type": "aws_subnet",
                    "depends_on": [
                        "aws_vpc.main"
                    ],
                    "primary": {
                        "id": "subnet-20b86d56",
                        "attributes": {
                            "assign_ipv6_address_on_creation": "false",
                            "availability_zone": "us-west-2b",
                            "cidr_block": "10.126.62.0/25",
                            "id": "subnet-20b86d56",
                            "map_public_ip_on_launch": "false",
                            "tags.%": "5",
                            "tags.Name": "brewprod-private-subnet",
                            "tags.account_name": "jive-reco-brewprod",
                            "tags.pipeline_phase": "brewprod",
                            "tags.region": "us-west-2",
                            "tags.sla": "prod",
                            "vpc_id": "vpc-238d3947"
                        },
                        "meta": {},
                        "tainted": false
                    },
                    "deposed": [],
                    "provider": ""
                },
                "aws_subnet.private.2": {
                    "type": "aws_subnet",
                    "depends_on": [
                        "aws_vpc.main"
                    ],
                    "primary": {
                        "id": "subnet-a1ec09f9",
                        "attributes": {
                            "assign_ipv6_address_on_creation": "false",
                            "availability_zone": "us-west-2c",
                            "cidr_block": "10.126.62.128/25",
                            "id": "subnet-a1ec09f9",
                            "map_public_ip_on_launch": "false",
                            "tags.%": "5",
                            "tags.Name": "brewprod-private-subnet",
                            "tags.account_name": "jive-reco-brewprod",
                            "tags.pipeline_phase": "brewprod",
                            "tags.region": "us-west-2",
                            "tags.sla": "prod",
                            "vpc_id": "vpc-238d3947"
                        },
                        "meta": {},
                        "tainted": false
                    },
                    "deposed": [],
                    "provider": ""
                },
                "aws_subnet.public.0": {
                    "type": "aws_subnet",
                    "depends_on": [
                        "aws_vpc.main"
                    ],
                    "primary": {
                        "id": "subnet-2875c54c",
                        "attributes": {
                            "assign_ipv6_address_on_creation": "false",
                            "availability_zone": "us-west-2a",
                            "cidr_block": "10.126.60.0/25",
                            "id": "subnet-2875c54c",
                            "map_public_ip_on_launch": "false",
                            "tags.%": "6",
                            "tags.KubernetesCluster": "us-west-2_jive-reco-brewprod",
                            "tags.Name": "brewprod-public-subnet",
                            "tags.account_name": "jive-reco-brewprod",
                            "tags.pipeline_phase": "brewprod",
                            "tags.region": "us-west-2",
                            "tags.sla": "prod",
                            "vpc_id": "vpc-238d3947"
                        },
                        "meta": {},
                        "tainted": false
                    },
                    "deposed": [],
                    "provider": ""
                },
                "aws_subnet.public.1": {
                    "type": "aws_subnet",
                    "depends_on": [
                        "aws_vpc.main"
                    ],
                    "primary": {
                        "id": "subnet-25b86d53",
                        "attributes": {
                            "assign_ipv6_address_on_creation": "false",
                            "availability_zone": "us-west-2b",
                            "cidr_block": "10.126.60.128/25",
                            "id": "subnet-25b86d53",
                            "map_public_ip_on_launch": "false",
                            "tags.%": "6",
                            "tags.KubernetesCluster": "us-west-2_jive-reco-brewprod",
                            "tags.Name": "brewprod-public-subnet",
                            "tags.account_name": "jive-reco-brewprod",
                            "tags.pipeline_phase": "brewprod",
                            "tags.region": "us-west-2",
                            "tags.sla": "prod",
                            "vpc_id": "vpc-238d3947"
                        },
                        "meta": {},
                        "tainted": false
                    },
                    "deposed": [],
                    "provider": ""
                },
                "aws_subnet.public.2": {
                    "type": "aws_subnet",
                    "depends_on": [
                        "aws_vpc.main"
                    ],
                    "primary": {
                        "id": "subnet-a4ec09fc",
                        "attributes": {
                            "assign_ipv6_address_on_creation": "false",
                            "availability_zone": "us-west-2c",
                            "cidr_block": "10.126.61.0/25",
                            "id": "subnet-a4ec09fc",
                            "map_public_ip_on_launch": "false",
                            "tags.%": "6",
                            "tags.KubernetesCluster": "us-west-2_jive-reco-brewprod",
                            "tags.Name": "brewprod-public-subnet",
                            "tags.account_name": "jive-reco-brewprod",
                            "tags.pipeline_phase": "brewprod",
                            "tags.region": "us-west-2",
                            "tags.sla": "prod",
                            "vpc_id": "vpc-238d3947"
                        },
                        "meta": {},
                        "tainted": false
                    },
                    "deposed": [],
                    "provider": ""
                },
                "aws_vpc.main": {
                    "type": "aws_vpc",
                    "depends_on": [],
                    "primary": {
                        "id": "vpc-238d3947",
                        "attributes": {
                            "assign_generated_ipv6_cidr_block": "false",
                            "cidr_block": "10.126.48.0/20",
                            "default_network_acl_id": "acl-00b33264",
                            "default_route_table_id": "rtb-7ea8371a",
                            "default_security_group_id": "sg-c86077af",
                            "dhcp_options_id": "dopt-af134dca",
                            "enable_classiclink": "false",
                            "enable_dns_hostnames": "true",
                            "enable_dns_support": "true",
                            "id": "vpc-238d3947",
                            "instance_tenancy": "default",
                            "main_route_table_id": "rtb-7ea8371a",
                            "tags.%": "5",
                            "tags.Name": "brewprod-vpc",
                            "tags.account_name": "jive-reco-brewprod",
                            "tags.pipeline_phase": "brewprod",
                            "tags.region": "us-west-2",
                            "tags.sla": "prod"
                        },
                        "meta": {
                            "schema_version": "1"
                        },
                        "tainted": false
                    },
                    "deposed": [],
                    "provider": ""
                },
                "aws_vpc_peering_connection.infra": {
                    "type": "aws_vpc_peering_connection",
                    "depends_on": [
                        "aws_vpc.main"
                    ],
                    "primary": {
                        "id": "pcx-ec73d985",
                        "attributes": {
                            "accept_status": "active",
                            "accepter.#": "1",
                            "accepter.3244290774.allow_classic_link_to_remote_vpc": "false",
                            "accepter.3244290774.allow_remote_vpc_dns_resolution": "false",
                            "accepter.3244290774.allow_vpc_to_remote_classic_link": "false",
                            "auto_accept": "true",
                            "id": "pcx-ec73d985",
                            "peer_owner_id": "549229563172",
                            "peer_vpc_id": "vpc-28cb654c",
                            "requester.#": "1",
                            "requester.3244290774.allow_classic_link_to_remote_vpc": "false",
                            "requester.3244290774.allow_remote_vpc_dns_resolution": "false",
                            "requester.3244290774.allow_vpc_to_remote_classic_link": "false",
                            "tags.%": "5",
                            "tags.Name": "brewprod_to_infra-jive-reco-brewprod",
                            "tags.account_name": "jive-reco-brewprod",
                            "tags.pipeline_phase": "brewprod",
                            "tags.region": "us-west-2",
                            "tags.sla": "prod",
                            "vpc_id": "vpc-238d3947"
                        },
                        "meta": {},
                        "tainted": false
                    },
                    "deposed": [],
                    "provider": ""
                },
                "aws_vpn_gateway.vgw": {
                    "type": "aws_vpn_gateway",
                    "depends_on": [
                        "aws_vpc.main"
                    ],
                    "primary": {
                        "id": "vgw-0ea57c10",
                        "attributes": {
                            "availability_zone": "",
                            "id": "vgw-0ea57c10",
                            "tags.%": "7",
                            "tags.Name": "brewprod-vgw",
                            "tags.account_name": "jive-reco-brewprod",
                            "tags.jive_service": "infrastructure",
                            "tags.pipeline_phase": "brewprod",
                            "tags.region": "us-west-2",
                            "tags.service_component": "vpn_gateway",
                            "tags.sla": "prod",
                            "vpc_id": "vpc-238d3947"
                        },
                        "meta": {},
                        "tainted": false
                    },
                    "deposed": [],
                    "provider": ""
                },
                "data.aws_security_group.bastion": {
                    "type": "aws_security_group",
                    "depends_on": [],
                    "primary": {
                        "id": "sg-d03c3ab7",
                        "attributes": {
                            "filter.#": "1",
                            "filter.1988431066.name": "tag:jive_service",
                            "filter.1988431066.values.#": "1",
                            "filter.1988431066.values.2480389212": "infrastructure",
                            "id": "sg-d03c3ab7",
                            "name": "infra-brewprod-jive-phx-dc",
                            "tags.%": "6",
                            "tags.Name": "infra-brewprod-jive-phx-dc",
                            "tags.account_name": "jive-reco-brewprod",
                            "tags.jive_service": "infrastructure",
                            "tags.pipeline_phase": "infra-brewprod",
                            "tags.region": "us-west-2",
                            "tags.sla": "prod",
                            "vpc_id": "vpc-28cb654c"
                        },
                        "meta": {},
                        "tainted": false
                    },
                    "deposed": [],
                    "provider": ""
                }
            },
            "depends_on": []
        }
    ]
}
