{
    "version": 3,
    "terraform_version": "0.9.4",
    "serial": 6,
    "lineage": "6e67e6ef-2a0c-4bdb-b93e-690cd9ed071a",
    "modules": [
        {
            "path": [
                "root"
            ],
            "outputs": {},
            "resources": {
                "aws_autoscaling_group.k8s_etcd_asg.0": {
                    "type": "aws_autoscaling_group",
                    "depends_on": [
                        "aws_eip.k8s_etcd_eip.*",
                        "aws_launch_configuration.k8s_etcd",
                        "data.aws_subnet.natdc.*",
                        "null_resource.k8s_cluster"
                    ],
                    "primary": {
                        "id": "prod-jcx-k8s-etcd-asg1",
                        "attributes": {
                            "arn": "arn:aws:autoscaling:us-east-1:663559125979:autoScalingGroup:90ff1b78-89b2-4500-8328-c768ce2e57f0:autoScalingGroupName/prod-jcx-k8s-etcd-asg1",
                            "availability_zones.#": "1",
                            "availability_zones.3569565595": "us-east-1a",
                            "default_cooldown": "300",
                            "desired_capacity": "1",
                            "force_delete": "false",
                            "health_check_grace_period": "300",
                            "health_check_type": "EC2",
                            "id": "prod-jcx-k8s-etcd-asg1",
                            "launch_configuration": "terraform-00d101417a22bc7ecc5d080cc9",
                            "load_balancers.#": "0",
                            "max_size": "1",
                            "metrics_granularity": "1Minute",
                            "min_size": "1",
                            "name": "prod-jcx-k8s-etcd-asg1",
                            "placement_group": "",
                            "protect_from_scale_in": "false",
                            "suspended_processes.#": "0",
                            "tag.#": "10",
                            "tag.1644854335.key": "SLA",
                            "tag.1644854335.propagate_at_launch": "true",
                            "tag.1644854335.value": "none",
                            "tag.1719634084.key": "Name",
                            "tag.1719634084.propagate_at_launch": "true",
                            "tag.1719634084.value": "prod-jcx-k8s-etcd-instance",
                            "tag.2231885714.key": "K8s_cluster",
                            "tag.2231885714.propagate_at_launch": "true",
                            "tag.2231885714.value": "us-east-1_jive-microservices-prod-jcx",
                            "tag.2306832883.key": "Pipeline_phase",
                            "tag.2306832883.propagate_at_launch": "true",
                            "tag.2306832883.value": "prod-jcx",
                            "tag.2535146931.key": "Hostname",
                            "tag.2535146931.propagate_at_launch": "true",
                            "tag.2535146931.value": "us-east-1_jive-microservices-prod-jcx-etcd1",
                            "tag.2651257388.key": "Region",
                            "tag.2651257388.propagate_at_launch": "true",
                            "tag.2651257388.value": "us-east-1",
                            "tag.3187119633.key": "Service_component",
                            "tag.3187119633.propagate_at_launch": "true",
                            "tag.3187119633.value": "etcd",
                            "tag.3456455703.key": "KubernetesCluster",
                            "tag.3456455703.propagate_at_launch": "true",
                            "tag.3456455703.value": "us-east-1_jive-microservices-prod-jcx",
                            "tag.3499068213.key": "Etcd_ip",
                            "tag.3499068213.propagate_at_launch": "true",
                            "tag.3499068213.value": "10.125.112.4",
                            "tag.877279462.key": "Jive_service",
                            "tag.877279462.propagate_at_launch": "true",
                            "tag.877279462.value": "us-east-1_jive-microservices-prod-jcx",
                            "target_group_arns.#": "0",
                            "termination_policies.#": "0",
                            "vpc_zone_identifier.#": "1",
                            "vpc_zone_identifier.979789862": "subnet-2922c34d",
                            "wait_for_capacity_timeout": "10m"
                        },
                        "meta": {},
                        "tainted": false
                    },
                    "deposed": [],
                    "provider": ""
                },
                "aws_autoscaling_group.k8s_etcd_asg.1": {
                    "type": "aws_autoscaling_group",
                    "depends_on": [
                        "aws_eip.k8s_etcd_eip.*",
                        "aws_launch_configuration.k8s_etcd",
                        "data.aws_subnet.natdc.*",
                        "null_resource.k8s_cluster"
                    ],
                    "primary": {
                        "id": "prod-jcx-k8s-etcd-asg2",
                        "attributes": {
                            "arn": "arn:aws:autoscaling:us-east-1:663559125979:autoScalingGroup:3890316c-990b-4f69-a478-eb901da5cb1b:autoScalingGroupName/prod-jcx-k8s-etcd-asg2",
                            "availability_zones.#": "1",
                            "availability_zones.1305112097": "us-east-1b",
                            "default_cooldown": "300",
                            "desired_capacity": "1",
                            "force_delete": "false",
                            "health_check_grace_period": "300",
                            "health_check_type": "EC2",
                            "id": "prod-jcx-k8s-etcd-asg2",
                            "launch_configuration": "terraform-00d101417a22bc7ecc5d080cc9",
                            "load_balancers.#": "0",
                            "max_size": "1",
                            "metrics_granularity": "1Minute",
                            "min_size": "1",
                            "name": "prod-jcx-k8s-etcd-asg2",
                            "placement_group": "",
                            "protect_from_scale_in": "false",
                            "suspended_processes.#": "0",
                            "tag.#": "10",
                            "tag.1644854335.key": "SLA",
                            "tag.1644854335.propagate_at_launch": "true",
                            "tag.1644854335.value": "none",
                            "tag.1719634084.key": "Name",
                            "tag.1719634084.propagate_at_launch": "true",
                            "tag.1719634084.value": "prod-jcx-k8s-etcd-instance",
                            "tag.2231885714.key": "K8s_cluster",
                            "tag.2231885714.propagate_at_launch": "true",
                            "tag.2231885714.value": "us-east-1_jive-microservices-prod-jcx",
                            "tag.2306832883.key": "Pipeline_phase",
                            "tag.2306832883.propagate_at_launch": "true",
                            "tag.2306832883.value": "prod-jcx",
                            "tag.2651257388.key": "Region",
                            "tag.2651257388.propagate_at_launch": "true",
                            "tag.2651257388.value": "us-east-1",
                            "tag.2800967470.key": "Hostname",
                            "tag.2800967470.propagate_at_launch": "true",
                            "tag.2800967470.value": "us-east-1_jive-microservices-prod-jcx-etcd2",
                            "tag.3187119633.key": "Service_component",
                            "tag.3187119633.propagate_at_launch": "true",
                            "tag.3187119633.value": "etcd",
                            "tag.3456455703.key": "KubernetesCluster",
                            "tag.3456455703.propagate_at_launch": "true",
                            "tag.3456455703.value": "us-east-1_jive-microservices-prod-jcx",
                            "tag.800838264.key": "Etcd_ip",
                            "tag.800838264.propagate_at_launch": "true",
                            "tag.800838264.value": "10.125.114.250",
                            "tag.877279462.key": "Jive_service",
                            "tag.877279462.propagate_at_launch": "true",
                            "tag.877279462.value": "us-east-1_jive-microservices-prod-jcx",
                            "target_group_arns.#": "0",
                            "termination_policies.#": "0",
                            "vpc_zone_identifier.#": "1",
                            "vpc_zone_identifier.1576304007": "subnet-0bbd2e27",
                            "wait_for_capacity_timeout": "10m"
                        },
                        "meta": {},
                        "tainted": false
                    },
                    "deposed": [],
                    "provider": ""
                },
                "aws_autoscaling_group.k8s_etcd_asg.2": {
                    "type": "aws_autoscaling_group",
                    "depends_on": [
                        "aws_eip.k8s_etcd_eip.*",
                        "aws_launch_configuration.k8s_etcd",
                        "data.aws_subnet.natdc.*",
                        "null_resource.k8s_cluster"
                    ],
                    "primary": {
                        "id": "prod-jcx-k8s-etcd-asg3",
                        "attributes": {
                            "arn": "arn:aws:autoscaling:us-east-1:663559125979:autoScalingGroup:5260ce36-2bdf-4435-a4f1-6bbad1491a50:autoScalingGroupName/prod-jcx-k8s-etcd-asg3",
                            "availability_zones.#": "1",
                            "availability_zones.986537655": "us-east-1c",
                            "default_cooldown": "300",
                            "desired_capacity": "1",
                            "force_delete": "false",
                            "health_check_grace_period": "300",
                            "health_check_type": "EC2",
                            "id": "prod-jcx-k8s-etcd-asg3",
                            "launch_configuration": "terraform-00d101417a22bc7ecc5d080cc9",
                            "load_balancers.#": "0",
                            "max_size": "1",
                            "metrics_granularity": "1Minute",
                            "min_size": "1",
                            "name": "prod-jcx-k8s-etcd-asg3",
                            "placement_group": "",
                            "protect_from_scale_in": "false",
                            "suspended_processes.#": "0",
                            "tag.#": "10",
                            "tag.1644854335.key": "SLA",
                            "tag.1644854335.propagate_at_launch": "true",
                            "tag.1644854335.value": "none",
                            "tag.1719634084.key": "Name",
                            "tag.1719634084.propagate_at_launch": "true",
                            "tag.1719634084.value": "prod-jcx-k8s-etcd-instance",
                            "tag.2231885714.key": "K8s_cluster",
                            "tag.2231885714.propagate_at_launch": "true",
                            "tag.2231885714.value": "us-east-1_jive-microservices-prod-jcx",
                            "tag.2306832883.key": "Pipeline_phase",
                            "tag.2306832883.propagate_at_launch": "true",
                            "tag.2306832883.value": "prod-jcx",
                            "tag.2651257388.key": "Region",
                            "tag.2651257388.propagate_at_launch": "true",
                            "tag.2651257388.value": "us-east-1",
                            "tag.3187119633.key": "Service_component",
                            "tag.3187119633.propagate_at_launch": "true",
                            "tag.3187119633.value": "etcd",
                            "tag.3453362874.key": "Etcd_ip",
                            "tag.3453362874.propagate_at_launch": "true",
                            "tag.3453362874.value": "10.125.117.81",
                            "tag.3456455703.key": "KubernetesCluster",
                            "tag.3456455703.propagate_at_launch": "true",
                            "tag.3456455703.value": "us-east-1_jive-microservices-prod-jcx",
                            "tag.8672410.key": "Hostname",
                            "tag.8672410.propagate_at_launch": "true",
                            "tag.8672410.value": "us-east-1_jive-microservices-prod-jcx-etcd3",
                            "tag.877279462.key": "Jive_service",
                            "tag.877279462.propagate_at_launch": "true",
                            "tag.877279462.value": "us-east-1_jive-microservices-prod-jcx",
                            "target_group_arns.#": "0",
                            "termination_policies.#": "0",
                            "vpc_zone_identifier.#": "1",
                            "vpc_zone_identifier.3733900241": "subnet-f0377db8",
                            "wait_for_capacity_timeout": "10m"
                        },
                        "meta": {},
                        "tainted": false
                    },
                    "deposed": [],
                    "provider": ""
                },
                "aws_autoscaling_group.k8s_etcd_asg.3": {
                    "type": "aws_autoscaling_group",
                    "depends_on": [
                        "aws_eip.k8s_etcd_eip.*",
                        "aws_launch_configuration.k8s_etcd",
                        "data.aws_subnet.natdc.*",
                        "null_resource.k8s_cluster"
                    ],
                    "primary": {
                        "id": "prod-jcx-k8s-etcd-asg4",
                        "attributes": {
                            "arn": "arn:aws:autoscaling:us-east-1:663559125979:autoScalingGroup:1e66e503-44ca-4264-8fff-fd9f5213449e:autoScalingGroupName/prod-jcx-k8s-etcd-asg4",
                            "availability_zones.#": "1",
                            "availability_zones.2762590996": "us-east-1d",
                            "default_cooldown": "300",
                            "desired_capacity": "1",
                            "force_delete": "false",
                            "health_check_grace_period": "300",
                            "health_check_type": "EC2",
                            "id": "prod-jcx-k8s-etcd-asg4",
                            "launch_configuration": "terraform-00d101417a22bc7ecc5d080cc9",
                            "load_balancers.#": "0",
                            "max_size": "1",
                            "metrics_granularity": "1Minute",
                            "min_size": "1",
                            "name": "prod-jcx-k8s-etcd-asg4",
                            "placement_group": "",
                            "protect_from_scale_in": "false",
                            "suspended_processes.#": "0",
                            "tag.#": "10",
                            "tag.116678073.key": "Etcd_ip",
                            "tag.116678073.propagate_at_launch": "true",
                            "tag.116678073.value": "10.125.118.105",
                            "tag.1644854335.key": "SLA",
                            "tag.1644854335.propagate_at_launch": "true",
                            "tag.1644854335.value": "none",
                            "tag.1719634084.key": "Name",
                            "tag.1719634084.propagate_at_launch": "true",
                            "tag.1719634084.value": "prod-jcx-k8s-etcd-instance",
                            "tag.2231885714.key": "K8s_cluster",
                            "tag.2231885714.propagate_at_launch": "true",
                            "tag.2231885714.value": "us-east-1_jive-microservices-prod-jcx",
                            "tag.2306832883.key": "Pipeline_phase",
                            "tag.2306832883.propagate_at_launch": "true",
                            "tag.2306832883.value": "prod-jcx",
                            "tag.2651257388.key": "Region",
                            "tag.2651257388.propagate_at_launch": "true",
                            "tag.2651257388.value": "us-east-1",
                            "tag.3187119633.key": "Service_component",
                            "tag.3187119633.propagate_at_launch": "true",
                            "tag.3187119633.value": "etcd",
                            "tag.3307432468.key": "Hostname",
                            "tag.3307432468.propagate_at_launch": "true",
                            "tag.3307432468.value": "us-east-1_jive-microservices-prod-jcx-etcd4",
                            "tag.3456455703.key": "KubernetesCluster",
                            "tag.3456455703.propagate_at_launch": "true",
                            "tag.3456455703.value": "us-east-1_jive-microservices-prod-jcx",
                            "tag.877279462.key": "Jive_service",
                            "tag.877279462.propagate_at_launch": "true",
                            "tag.877279462.value": "us-east-1_jive-microservices-prod-jcx",
                            "target_group_arns.#": "0",
                            "termination_policies.#": "0",
                            "vpc_zone_identifier.#": "1",
                            "vpc_zone_identifier.1671410689": "subnet-0362e959",
                            "wait_for_capacity_timeout": "10m"
                        },
                        "meta": {},
                        "tainted": false
                    },
                    "deposed": [],
                    "provider": ""
                },
                "aws_autoscaling_group.k8s_etcd_asg.4": {
                    "type": "aws_autoscaling_group",
                    "depends_on": [
                        "aws_eip.k8s_etcd_eip.*",
                        "aws_launch_configuration.k8s_etcd",
                        "data.aws_subnet.natdc.*",
                        "null_resource.k8s_cluster"
                    ],
                    "primary": {
                        "id": "prod-jcx-k8s-etcd-asg5",
                        "attributes": {
                            "arn": "arn:aws:autoscaling:us-east-1:663559125979:autoScalingGroup:5161e020-7a27-458f-8755-501328504fb4:autoScalingGroupName/prod-jcx-k8s-etcd-asg5",
                            "availability_zones.#": "1",
                            "availability_zones.3551460226": "us-east-1e",
                            "default_cooldown": "300",
                            "desired_capacity": "1",
                            "force_delete": "false",
                            "health_check_grace_period": "300",
                            "health_check_type": "EC2",
                            "id": "prod-jcx-k8s-etcd-asg5",
                            "launch_configuration": "terraform-00d101417a22bc7ecc5d080cc9",
                            "load_balancers.#": "0",
                            "max_size": "1",
                            "metrics_granularity": "1Minute",
                            "min_size": "1",
                            "name": "prod-jcx-k8s-etcd-asg5",
                            "placement_group": "",
                            "protect_from_scale_in": "false",
                            "suspended_processes.#": "0",
                            "tag.#": "10",
                            "tag.1644854335.key": "SLA",
                            "tag.1644854335.propagate_at_launch": "true",
                            "tag.1644854335.value": "none",
                            "tag.1666474400.key": "Hostname",
                            "tag.1666474400.propagate_at_launch": "true",
                            "tag.1666474400.value": "us-east-1_jive-microservices-prod-jcx-etcd5",
                            "tag.1719634084.key": "Name",
                            "tag.1719634084.propagate_at_launch": "true",
                            "tag.1719634084.value": "prod-jcx-k8s-etcd-instance",
                            "tag.2231885714.key": "K8s_cluster",
                            "tag.2231885714.propagate_at_launch": "true",
                            "tag.2231885714.value": "us-east-1_jive-microservices-prod-jcx",
                            "tag.2306832883.key": "Pipeline_phase",
                            "tag.2306832883.propagate_at_launch": "true",
                            "tag.2306832883.value": "prod-jcx",
                            "tag.2651257388.key": "Region",
                            "tag.2651257388.propagate_at_launch": "true",
                            "tag.2651257388.value": "us-east-1",
                            "tag.3187119633.key": "Service_component",
                            "tag.3187119633.propagate_at_launch": "true",
                            "tag.3187119633.value": "etcd",
                            "tag.3456455703.key": "KubernetesCluster",
                            "tag.3456455703.propagate_at_launch": "true",
                            "tag.3456455703.value": "us-east-1_jive-microservices-prod-jcx",
                            "tag.376856064.key": "Etcd_ip",
                            "tag.376856064.propagate_at_launch": "true",
                            "tag.376856064.value": "10.125.120.224",
                            "tag.877279462.key": "Jive_service",
                            "tag.877279462.propagate_at_launch": "true",
                            "tag.877279462.value": "us-east-1_jive-microservices-prod-jcx",
                            "target_group_arns.#": "0",
                            "termination_policies.#": "0",
                            "vpc_zone_identifier.#": "1",
                            "vpc_zone_identifier.2627852370": "subnet-8f0c0fb3",
                            "wait_for_capacity_timeout": "10m"
                        },
                        "meta": {},
                        "tainted": false
                    },
                    "deposed": [],
                    "provider": ""
                },
                "aws_autoscaling_group.k8s_master": {
                    "type": "aws_autoscaling_group",
                    "depends_on": [
                        "aws_elb.k8s_master",
                        "aws_launch_configuration.k8s_master",
                        "null_resource.k8s_cluster"
                    ],
                    "primary": {
                        "id": "prod-jcx-k8s-master-asg1",
                        "attributes": {
                            "arn": "arn:aws:autoscaling:us-east-1:663559125979:autoScalingGroup:d2a0e4b8-f161-4b19-b08d-62c60623be81:autoScalingGroupName/prod-jcx-k8s-master-asg1",
                            "availability_zones.#": "1",
                            "availability_zones.3569565595": "us-east-1a",
                            "default_cooldown": "300",
                            "desired_capacity": "1",
                            "force_delete": "false",
                            "health_check_grace_period": "300",
                            "health_check_type": "EC2",
                            "id": "prod-jcx-k8s-master-asg1",
                            "launch_configuration": "terraform-00d101417a22bc7ecc5d080cc7",
                            "load_balancers.#": "1",
                            "load_balancers.2606754323": "prod-jcx-k8s-master-elb",
                            "max_size": "1",
                            "metrics_granularity": "1Minute",
                            "min_size": "1",
                            "name": "prod-jcx-k8s-master-asg1",
                            "placement_group": "",
                            "protect_from_scale_in": "false",
                            "suspended_processes.#": "0",
                            "tag.#": "9",
                            "tag.1214261959.key": "Hostname",
                            "tag.1214261959.propagate_at_launch": "true",
                            "tag.1214261959.value": "us-east-1_jive-microservices-prod-jcx-master1",
                            "tag.1644854335.key": "SLA",
                            "tag.1644854335.propagate_at_launch": "true",
                            "tag.1644854335.value": "none",
                            "tag.2231885714.key": "K8s_cluster",
                            "tag.2231885714.propagate_at_launch": "true",
                            "tag.2231885714.value": "us-east-1_jive-microservices-prod-jcx",
                            "tag.2306832883.key": "Pipeline_phase",
                            "tag.2306832883.propagate_at_launch": "true",
                            "tag.2306832883.value": "prod-jcx",
                            "tag.2651257388.key": "Region",
                            "tag.2651257388.propagate_at_launch": "true",
                            "tag.2651257388.value": "us-east-1",
                            "tag.3096952101.key": "Name",
                            "tag.3096952101.propagate_at_launch": "true",
                            "tag.3096952101.value": "prod-jcx-k8s-master-instance",
                            "tag.3116370667.key": "Service_component",
                            "tag.3116370667.propagate_at_launch": "true",
                            "tag.3116370667.value": "k8s-master",
                            "tag.3456455703.key": "KubernetesCluster",
                            "tag.3456455703.propagate_at_launch": "true",
                            "tag.3456455703.value": "us-east-1_jive-microservices-prod-jcx",
                            "tag.877279462.key": "Jive_service",
                            "tag.877279462.propagate_at_launch": "true",
                            "tag.877279462.value": "us-east-1_jive-microservices-prod-jcx",
                            "target_group_arns.#": "0",
                            "termination_policies.#": "0",
                            "vpc_zone_identifier.#": "1",
                            "vpc_zone_identifier.979789862": "subnet-2922c34d",
                            "wait_for_capacity_timeout": "10m"
                        },
                        "meta": {},
                        "tainted": false
                    },
                    "deposed": [],
                    "provider": ""
                },
                "aws_autoscaling_group.k8s_worker_asg.0": {
                    "type": "aws_autoscaling_group",
                    "depends_on": [
                        "aws_launch_configuration.k8s_worker",
                        "null_resource.k8s_cluster"
                    ],
                    "primary": {
                        "id": "prod-jcx-k8s-worker-asg1",
                        "attributes": {
                            "arn": "arn:aws:autoscaling:us-east-1:663559125979:autoScalingGroup:35245365-6442-40b4-9304-34d4f91ce153:autoScalingGroupName/prod-jcx-k8s-worker-asg1",
                            "availability_zones.#": "1",
                            "availability_zones.3569565595": "us-east-1a",
                            "default_cooldown": "300",
                            "desired_capacity": "1",
                            "force_delete": "false",
                            "health_check_grace_period": "300",
                            "health_check_type": "EC2",
                            "id": "prod-jcx-k8s-worker-asg1",
                            "launch_configuration": "terraform-00d101417a22bc7ecc5d080cc8",
                            "load_balancers.#": "0",
                            "max_size": "5",
                            "metrics_granularity": "1Minute",
                            "min_size": "1",
                            "name": "prod-jcx-k8s-worker-asg1",
                            "placement_group": "",
                            "protect_from_scale_in": "false",
                            "suspended_processes.#": "0",
                            "tag.#": "9",
                            "tag.1644854335.key": "SLA",
                            "tag.1644854335.propagate_at_launch": "true",
                            "tag.1644854335.value": "none",
                            "tag.2157698622.key": "Hostname",
                            "tag.2157698622.propagate_at_launch": "true",
                            "tag.2157698622.value": "k8s-node1",
                            "tag.2231885714.key": "K8s_cluster",
                            "tag.2231885714.propagate_at_launch": "true",
                            "tag.2231885714.value": "us-east-1_jive-microservices-prod-jcx",
                            "tag.228639812.key": "Service_component",
                            "tag.228639812.propagate_at_launch": "true",
                            "tag.228639812.value": "k8s-node",
                            "tag.2306832883.key": "Pipeline_phase",
                            "tag.2306832883.propagate_at_launch": "true",
                            "tag.2306832883.value": "prod-jcx",
                            "tag.2651257388.key": "Region",
                            "tag.2651257388.propagate_at_launch": "true",
                            "tag.2651257388.value": "us-east-1",
                            "tag.3456455703.key": "KubernetesCluster",
                            "tag.3456455703.propagate_at_launch": "true",
                            "tag.3456455703.value": "us-east-1_jive-microservices-prod-jcx",
                            "tag.612603021.key": "Name",
                            "tag.612603021.propagate_at_launch": "true",
                            "tag.612603021.value": "prod-jcx-k8s-worker-instance",
                            "tag.877279462.key": "Jive_service",
                            "tag.877279462.propagate_at_launch": "true",
                            "tag.877279462.value": "us-east-1_jive-microservices-prod-jcx",
                            "target_group_arns.#": "0",
                            "termination_policies.#": "0",
                            "vpc_zone_identifier.#": "1",
                            "vpc_zone_identifier.979789862": "subnet-2922c34d",
                            "wait_for_capacity_timeout": "10m"
                        },
                        "meta": {},
                        "tainted": false
                    },
                    "deposed": [],
                    "provider": ""
                },
                "aws_autoscaling_group.k8s_worker_asg.1": {
                    "type": "aws_autoscaling_group",
                    "depends_on": [
                        "aws_launch_configuration.k8s_worker",
                        "null_resource.k8s_cluster"
                    ],
                    "primary": {
                        "id": "prod-jcx-k8s-worker-asg2",
                        "attributes": {
                            "arn": "arn:aws:autoscaling:us-east-1:663559125979:autoScalingGroup:ef08da3b-e88e-4d59-b0d6-e6d3f7b6bd97:autoScalingGroupName/prod-jcx-k8s-worker-asg2",
                            "availability_zones.#": "1",
                            "availability_zones.1305112097": "us-east-1b",
                            "default_cooldown": "300",
                            "desired_capacity": "1",
                            "force_delete": "false",
                            "health_check_grace_period": "300",
                            "health_check_type": "EC2",
                            "id": "prod-jcx-k8s-worker-asg2",
                            "launch_configuration": "terraform-00d101417a22bc7ecc5d080cc8",
                            "load_balancers.#": "0",
                            "max_size": "5",
                            "metrics_granularity": "1Minute",
                            "min_size": "1",
                            "name": "prod-jcx-k8s-worker-asg2",
                            "placement_group": "",
                            "protect_from_scale_in": "false",
                            "suspended_processes.#": "0",
                            "tag.#": "9",
                            "tag.1644854335.key": "SLA",
                            "tag.1644854335.propagate_at_launch": "true",
                            "tag.1644854335.value": "none",
                            "tag.2231885714.key": "K8s_cluster",
                            "tag.2231885714.propagate_at_launch": "true",
                            "tag.2231885714.value": "us-east-1_jive-microservices-prod-jcx",
                            "tag.228639812.key": "Service_component",
                            "tag.228639812.propagate_at_launch": "true",
                            "tag.228639812.value": "k8s-node",
                            "tag.2306832883.key": "Pipeline_phase",
                            "tag.2306832883.propagate_at_launch": "true",
                            "tag.2306832883.value": "prod-jcx",
                            "tag.2651257388.key": "Region",
                            "tag.2651257388.propagate_at_launch": "true",
                            "tag.2651257388.value": "us-east-1",
                            "tag.2977154211.key": "Hostname",
                            "tag.2977154211.propagate_at_launch": "true",
                            "tag.2977154211.value": "k8s-node2",
                            "tag.3456455703.key": "KubernetesCluster",
                            "tag.3456455703.propagate_at_launch": "true",
                            "tag.3456455703.value": "us-east-1_jive-microservices-prod-jcx",
                            "tag.612603021.key": "Name",
                            "tag.612603021.propagate_at_launch": "true",
                            "tag.612603021.value": "prod-jcx-k8s-worker-instance",
                            "tag.877279462.key": "Jive_service",
                            "tag.877279462.propagate_at_launch": "true",
                            "tag.877279462.value": "us-east-1_jive-microservices-prod-jcx",
                            "target_group_arns.#": "0",
                            "termination_policies.#": "0",
                            "vpc_zone_identifier.#": "1",
                            "vpc_zone_identifier.1576304007": "subnet-0bbd2e27",
                            "wait_for_capacity_timeout": "10m"
                        },
                        "meta": {},
                        "tainted": false
                    },
                    "deposed": [],
                    "provider": ""
                },
                "aws_autoscaling_group.k8s_worker_asg.2": {
                    "type": "aws_autoscaling_group",
                    "depends_on": [
                        "aws_launch_configuration.k8s_worker",
                        "null_resource.k8s_cluster"
                    ],
                    "primary": {
                        "id": "prod-jcx-k8s-worker-asg3",
                        "attributes": {
                            "arn": "arn:aws:autoscaling:us-east-1:663559125979:autoScalingGroup:b1432455-bfb5-43df-a386-92d5ee0d30eb:autoScalingGroupName/prod-jcx-k8s-worker-asg3",
                            "availability_zones.#": "1",
                            "availability_zones.986537655": "us-east-1c",
                            "default_cooldown": "300",
                            "desired_capacity": "1",
                            "force_delete": "false",
                            "health_check_grace_period": "300",
                            "health_check_type": "EC2",
                            "id": "prod-jcx-k8s-worker-asg3",
                            "launch_configuration": "terraform-00d101417a22bc7ecc5d080cc8",
                            "load_balancers.#": "0",
                            "max_size": "5",
                            "metrics_granularity": "1Minute",
                            "min_size": "1",
                            "name": "prod-jcx-k8s-worker-asg3",
                            "placement_group": "",
                            "protect_from_scale_in": "false",
                            "suspended_processes.#": "0",
                            "tag.#": "9",
                            "tag.1644854335.key": "SLA",
                            "tag.1644854335.propagate_at_launch": "true",
                            "tag.1644854335.value": "none",
                            "tag.2231885714.key": "K8s_cluster",
                            "tag.2231885714.propagate_at_launch": "true",
                            "tag.2231885714.value": "us-east-1_jive-microservices-prod-jcx",
                            "tag.228639812.key": "Service_component",
                            "tag.228639812.propagate_at_launch": "true",
                            "tag.228639812.value": "k8s-node",
                            "tag.2306832883.key": "Pipeline_phase",
                            "tag.2306832883.propagate_at_launch": "true",
                            "tag.2306832883.value": "prod-jcx",
                            "tag.2651257388.key": "Region",
                            "tag.2651257388.propagate_at_launch": "true",
                            "tag.2651257388.value": "us-east-1",
                            "tag.3456455703.key": "KubernetesCluster",
                            "tag.3456455703.propagate_at_launch": "true",
                            "tag.3456455703.value": "us-east-1_jive-microservices-prod-jcx",
                            "tag.386191127.key": "Hostname",
                            "tag.386191127.propagate_at_launch": "true",
                            "tag.386191127.value": "k8s-node3",
                            "tag.612603021.key": "Name",
                            "tag.612603021.propagate_at_launch": "true",
                            "tag.612603021.value": "prod-jcx-k8s-worker-instance",
                            "tag.877279462.key": "Jive_service",
                            "tag.877279462.propagate_at_launch": "true",
                            "tag.877279462.value": "us-east-1_jive-microservices-prod-jcx",
                            "target_group_arns.#": "0",
                            "termination_policies.#": "0",
                            "vpc_zone_identifier.#": "1",
                            "vpc_zone_identifier.3733900241": "subnet-f0377db8",
                            "wait_for_capacity_timeout": "10m"
                        },
                        "meta": {},
                        "tainted": false
                    },
                    "deposed": [],
                    "provider": ""
                },
                "aws_autoscaling_group.k8s_worker_asg.3": {
                    "type": "aws_autoscaling_group",
                    "depends_on": [
                        "aws_launch_configuration.k8s_worker",
                        "null_resource.k8s_cluster"
                    ],
                    "primary": {
                        "id": "prod-jcx-k8s-worker-asg4",
                        "attributes": {
                            "arn": "arn:aws:autoscaling:us-east-1:663559125979:autoScalingGroup:bc9adbce-bbc1-4c0b-a5e4-896c3c3c340c:autoScalingGroupName/prod-jcx-k8s-worker-asg4",
                            "availability_zones.#": "1",
                            "availability_zones.2762590996": "us-east-1d",
                            "default_cooldown": "300",
                            "desired_capacity": "1",
                            "force_delete": "false",
                            "health_check_grace_period": "300",
                            "health_check_type": "EC2",
                            "id": "prod-jcx-k8s-worker-asg4",
                            "launch_configuration": "terraform-00d101417a22bc7ecc5d080cc8",
                            "load_balancers.#": "0",
                            "max_size": "5",
                            "metrics_granularity": "1Minute",
                            "min_size": "1",
                            "name": "prod-jcx-k8s-worker-asg4",
                            "placement_group": "",
                            "protect_from_scale_in": "false",
                            "suspended_processes.#": "0",
                            "tag.#": "9",
                            "tag.1644854335.key": "SLA",
                            "tag.1644854335.propagate_at_launch": "true",
                            "tag.1644854335.value": "none",
                            "tag.2231885714.key": "K8s_cluster",
                            "tag.2231885714.propagate_at_launch": "true",
                            "tag.2231885714.value": "us-east-1_jive-microservices-prod-jcx",
                            "tag.228639812.key": "Service_component",
                            "tag.228639812.propagate_at_launch": "true",
                            "tag.228639812.value": "k8s-node",
                            "tag.2306832883.key": "Pipeline_phase",
                            "tag.2306832883.propagate_at_launch": "true",
                            "tag.2306832883.value": "prod-jcx",
                            "tag.2651257388.key": "Region",
                            "tag.2651257388.propagate_at_launch": "true",
                            "tag.2651257388.value": "us-east-1",
                            "tag.3456455703.key": "KubernetesCluster",
                            "tag.3456455703.propagate_at_launch": "true",
                            "tag.3456455703.value": "us-east-1_jive-microservices-prod-jcx",
                            "tag.3533959577.key": "Hostname",
                            "tag.3533959577.propagate_at_launch": "true",
                            "tag.3533959577.value": "k8s-node4",
                            "tag.612603021.key": "Name",
                            "tag.612603021.propagate_at_launch": "true",
                            "tag.612603021.value": "prod-jcx-k8s-worker-instance",
                            "tag.877279462.key": "Jive_service",
                            "tag.877279462.propagate_at_launch": "true",
                            "tag.877279462.value": "us-east-1_jive-microservices-prod-jcx",
                            "target_group_arns.#": "0",
                            "termination_policies.#": "0",
                            "vpc_zone_identifier.#": "1",
                            "vpc_zone_identifier.1671410689": "subnet-0362e959",
                            "wait_for_capacity_timeout": "10m"
                        },
                        "meta": {},
                        "tainted": false
                    },
                    "deposed": [],
                    "provider": ""
                },
                "aws_autoscaling_group.k8s_worker_asg.4": {
                    "type": "aws_autoscaling_group",
                    "depends_on": [
                        "aws_launch_configuration.k8s_worker",
                        "null_resource.k8s_cluster"
                    ],
                    "primary": {
                        "id": "prod-jcx-k8s-worker-asg5",
                        "attributes": {
                            "arn": "arn:aws:autoscaling:us-east-1:663559125979:autoScalingGroup:84fa5014-7a03-4672-a4dc-a1916530f9fa:autoScalingGroupName/prod-jcx-k8s-worker-asg5",
                            "availability_zones.#": "1",
                            "availability_zones.3551460226": "us-east-1e",
                            "default_cooldown": "300",
                            "desired_capacity": "1",
                            "force_delete": "false",
                            "health_check_grace_period": "300",
                            "health_check_type": "EC2",
                            "id": "prod-jcx-k8s-worker-asg5",
                            "launch_configuration": "terraform-00d101417a22bc7ecc5d080cc8",
                            "load_balancers.#": "0",
                            "max_size": "5",
                            "metrics_granularity": "1Minute",
                            "min_size": "1",
                            "name": "prod-jcx-k8s-worker-asg5",
                            "placement_group": "",
                            "protect_from_scale_in": "false",
                            "suspended_processes.#": "0",
                            "tag.#": "9",
                            "tag.1644854335.key": "SLA",
                            "tag.1644854335.propagate_at_launch": "true",
                            "tag.1644854335.value": "none",
                            "tag.1960114733.key": "Hostname",
                            "tag.1960114733.propagate_at_launch": "true",
                            "tag.1960114733.value": "k8s-node5",
                            "tag.2231885714.key": "K8s_cluster",
                            "tag.2231885714.propagate_at_launch": "true",
                            "tag.2231885714.value": "us-east-1_jive-microservices-prod-jcx",
                            "tag.228639812.key": "Service_component",
                            "tag.228639812.propagate_at_launch": "true",
                            "tag.228639812.value": "k8s-node",
                            "tag.2306832883.key": "Pipeline_phase",
                            "tag.2306832883.propagate_at_launch": "true",
                            "tag.2306832883.value": "prod-jcx",
                            "tag.2651257388.key": "Region",
                            "tag.2651257388.propagate_at_launch": "true",
                            "tag.2651257388.value": "us-east-1",
                            "tag.3456455703.key": "KubernetesCluster",
                            "tag.3456455703.propagate_at_launch": "true",
                            "tag.3456455703.value": "us-east-1_jive-microservices-prod-jcx",
                            "tag.612603021.key": "Name",
                            "tag.612603021.propagate_at_launch": "true",
                            "tag.612603021.value": "prod-jcx-k8s-worker-instance",
                            "tag.877279462.key": "Jive_service",
                            "tag.877279462.propagate_at_launch": "true",
                            "tag.877279462.value": "us-east-1_jive-microservices-prod-jcx",
                            "target_group_arns.#": "0",
                            "termination_policies.#": "0",
                            "vpc_zone_identifier.#": "1",
                            "vpc_zone_identifier.2627852370": "subnet-8f0c0fb3",
                            "wait_for_capacity_timeout": "10m"
                        },
                        "meta": {},
                        "tainted": false
                    },
                    "deposed": [],
                    "provider": ""
                },
                "aws_ebs_volume.k8s_etcd_ebs.0": {
                    "type": "aws_ebs_volume",
                    "depends_on": [
                        "data.aws_availability_zones.available",
                        "null_resource.k8s_cluster"
                    ],
                    "primary": {
                        "id": "vol-0775128429bcf9bc0",
                        "attributes": {
                            "availability_zone": "us-east-1a",
                            "encrypted": "true",
                            "id": "vol-0775128429bcf9bc0",
                            "size": "20",
                            "snapshot_id": "",
                            "tags.%": "7",
                            "tags.Hostname": "us-east-1_jive-microservices-prod-jcx-etcd1",
                            "tags.Jive_service": "us-east-1_jive-microservices-prod-jcx",
                            "tags.Name": "prod-jcx-k8s_etcd-instance",
                            "tags.Pipeline_phase": "prod-jcx",
                            "tags.Region": "us-east-1",
                            "tags.SLA": "none",
                            "tags.Service_component": "etcd",
                            "type": "gp2"
                        },
                        "meta": {},
                        "tainted": false
                    },
                    "deposed": [],
                    "provider": ""
                },
                "aws_ebs_volume.k8s_etcd_ebs.1": {
                    "type": "aws_ebs_volume",
                    "depends_on": [
                        "data.aws_availability_zones.available",
                        "null_resource.k8s_cluster"
                    ],
                    "primary": {
                        "id": "vol-0ff2411d6b8fe299b",
                        "attributes": {
                            "availability_zone": "us-east-1b",
                            "encrypted": "true",
                            "id": "vol-0ff2411d6b8fe299b",
                            "size": "20",
                            "snapshot_id": "",
                            "tags.%": "7",
                            "tags.Hostname": "us-east-1_jive-microservices-prod-jcx-etcd2",
                            "tags.Jive_service": "us-east-1_jive-microservices-prod-jcx",
                            "tags.Name": "prod-jcx-k8s_etcd-instance",
                            "tags.Pipeline_phase": "prod-jcx",
                            "tags.Region": "us-east-1",
                            "tags.SLA": "none",
                            "tags.Service_component": "etcd",
                            "type": "gp2"
                        },
                        "meta": {},
                        "tainted": false
                    },
                    "deposed": [],
                    "provider": ""
                },
                "aws_ebs_volume.k8s_etcd_ebs.2": {
                    "type": "aws_ebs_volume",
                    "depends_on": [
                        "data.aws_availability_zones.available",
                        "null_resource.k8s_cluster"
                    ],
                    "primary": {
                        "id": "vol-04b1f26c45fa63a05",
                        "attributes": {
                            "availability_zone": "us-east-1c",
                            "encrypted": "true",
                            "id": "vol-04b1f26c45fa63a05",
                            "size": "20",
                            "snapshot_id": "",
                            "tags.%": "7",
                            "tags.Hostname": "us-east-1_jive-microservices-prod-jcx-etcd3",
                            "tags.Jive_service": "us-east-1_jive-microservices-prod-jcx",
                            "tags.Name": "prod-jcx-k8s_etcd-instance",
                            "tags.Pipeline_phase": "prod-jcx",
                            "tags.Region": "us-east-1",
                            "tags.SLA": "none",
                            "tags.Service_component": "etcd",
                            "type": "gp2"
                        },
                        "meta": {},
                        "tainted": false
                    },
                    "deposed": [],
                    "provider": ""
                },
                "aws_ebs_volume.k8s_etcd_ebs.3": {
                    "type": "aws_ebs_volume",
                    "depends_on": [
                        "data.aws_availability_zones.available",
                        "null_resource.k8s_cluster"
                    ],
                    "primary": {
                        "id": "vol-0e92c9e39788bd54b",
                        "attributes": {
                            "availability_zone": "us-east-1d",
                            "encrypted": "true",
                            "id": "vol-0e92c9e39788bd54b",
                            "size": "20",
                            "snapshot_id": "",
                            "tags.%": "7",
                            "tags.Hostname": "us-east-1_jive-microservices-prod-jcx-etcd4",
                            "tags.Jive_service": "us-east-1_jive-microservices-prod-jcx",
                            "tags.Name": "prod-jcx-k8s_etcd-instance",
                            "tags.Pipeline_phase": "prod-jcx",
                            "tags.Region": "us-east-1",
                            "tags.SLA": "none",
                            "tags.Service_component": "etcd",
                            "type": "gp2"
                        },
                        "meta": {},
                        "tainted": false
                    },
                    "deposed": [],
                    "provider": ""
                },
                "aws_ebs_volume.k8s_etcd_ebs.4": {
                    "type": "aws_ebs_volume",
                    "depends_on": [
                        "data.aws_availability_zones.available",
                        "null_resource.k8s_cluster"
                    ],
                    "primary": {
                        "id": "vol-06556dc9cc5bd08a6",
                        "attributes": {
                            "availability_zone": "us-east-1e",
                            "encrypted": "true",
                            "id": "vol-06556dc9cc5bd08a6",
                            "size": "20",
                            "snapshot_id": "",
                            "tags.%": "7",
                            "tags.Hostname": "us-east-1_jive-microservices-prod-jcx-etcd5",
                            "tags.Jive_service": "us-east-1_jive-microservices-prod-jcx",
                            "tags.Name": "prod-jcx-k8s_etcd-instance",
                            "tags.Pipeline_phase": "prod-jcx",
                            "tags.Region": "us-east-1",
                            "tags.SLA": "none",
                            "tags.Service_component": "etcd",
                            "type": "gp2"
                        },
                        "meta": {},
                        "tainted": false
                    },
                    "deposed": [],
                    "provider": ""
                },
                "aws_ebs_volume.k8s_master": {
                    "type": "aws_ebs_volume",
                    "depends_on": [
                        "null_resource.k8s_cluster"
                    ],
                    "primary": {
                        "id": "vol-058b6dcba9517bd80",
                        "attributes": {
                            "availability_zone": "us-east-1a",
                            "encrypted": "true",
                            "id": "vol-058b6dcba9517bd80",
                            "size": "100",
                            "snapshot_id": "",
                            "tags.%": "7",
                            "tags.Hostname": "us-east-1_jive-microservices-prod-jcx-master1",
                            "tags.Jive_service": "us-east-1_jive-microservices-prod-jcx",
                            "tags.Name": "prod-jcx-k8s_master-instance",
                            "tags.Pipeline_phase": "prod-jcx",
                            "tags.Region": "us-east-1",
                            "tags.SLA": "none",
                            "tags.Service_component": "k8s-master",
                            "type": "gp2"
                        },
                        "meta": {},
                        "tainted": false
                    },
                    "deposed": [],
                    "provider": ""
                },
                "aws_eip.k8s_etcd_eip.0": {
                    "type": "aws_eip",
                    "depends_on": [
                        "aws_network_interface.k8s_etcd.*"
                    ],
                    "primary": {
                        "id": "eipalloc-7c72284f",
                        "attributes": {
                            "association_id": "eipassoc-75406440",
                            "domain": "vpc",
                            "id": "eipalloc-7c72284f",
                            "instance": "",
                            "network_interface": "eni-058bfd12",
                            "private_ip": "10.125.112.4",
                            "public_ip": "34.230.151.71",
                            "vpc": "true"
                        },
                        "meta": {},
                        "tainted": false
                    },
                    "deposed": [],
                    "provider": ""
                },
                "aws_eip.k8s_etcd_eip.1": {
                    "type": "aws_eip",
                    "depends_on": [
                        "aws_network_interface.k8s_etcd.*"
                    ],
                    "primary": {
                        "id": "eipalloc-ac702a9f",
                        "attributes": {
                            "association_id": "eipassoc-4f41657a",
                            "domain": "vpc",
                            "id": "eipalloc-ac702a9f",
                            "instance": "",
                            "network_interface": "eni-0235efa3",
                            "private_ip": "10.125.114.250",
                            "public_ip": "54.227.230.60",
                            "vpc": "true"
                        },
                        "meta": {},
                        "tainted": false
                    },
                    "deposed": [],
                    "provider": ""
                },
                "aws_eip.k8s_etcd_eip.2": {
                    "type": "aws_eip",
                    "depends_on": [
                        "aws_network_interface.k8s_etcd.*"
                    ],
                    "primary": {
                        "id": "eipalloc-0c702a3f",
                        "attributes": {
                            "association_id": "eipassoc-35436700",
                            "domain": "vpc",
                            "id": "eipalloc-0c702a3f",
                            "instance": "",
                            "network_interface": "eni-b4d38061",
                            "private_ip": "10.125.117.81",
                            "public_ip": "34.228.163.140",
                            "vpc": "true"
                        },
                        "meta": {},
                        "tainted": false
                    },
                    "deposed": [],
                    "provider": ""
                },
                "aws_eip.k8s_etcd_eip.3": {
                    "type": "aws_eip",
                    "depends_on": [
                        "aws_network_interface.k8s_etcd.*"
                    ],
                    "primary": {
                        "id": "eipalloc-72742e41",
                        "attributes": {
                            "association_id": "eipassoc-154c6820",
                            "domain": "vpc",
                            "id": "eipalloc-72742e41",
                            "instance": "",
                            "network_interface": "eni-3e4c3195",
                            "private_ip": "10.125.118.105",
                            "public_ip": "34.202.12.231",
                            "vpc": "true"
                        },
                        "meta": {},
                        "tainted": false
                    },
                    "deposed": [],
                    "provider": ""
                },
                "aws_eip.k8s_etcd_eip.4": {
                    "type": "aws_eip",
                    "depends_on": [
                        "aws_network_interface.k8s_etcd.*"
                    ],
                    "primary": {
                        "id": "eipalloc-71742e42",
                        "attributes": {
                            "association_id": "eipassoc-0a40643f",
                            "domain": "vpc",
                            "id": "eipalloc-71742e42",
                            "instance": "",
                            "network_interface": "eni-b06522b0",
                            "private_ip": "10.125.120.224",
                            "public_ip": "54.157.73.203",
                            "vpc": "true"
                        },
                        "meta": {},
                        "tainted": false
                    },
                    "deposed": [],
                    "provider": ""
                },
                "aws_eip.k8s_master_eip": {
                    "type": "aws_eip",
                    "depends_on": [],
                    "primary": {
                        "id": "eipalloc-197f252a",
                        "attributes": {
                            "association_id": "",
                            "domain": "vpc",
                            "id": "eipalloc-197f252a",
                            "instance": "",
                            "network_interface": "",
                            "private_ip": "",
                            "public_ip": "34.232.234.226",
                            "vpc": "true"
                        },
                        "meta": {},
                        "tainted": false
                    },
                    "deposed": [],
                    "provider": ""
                },
                "aws_elb.k8s_master": {
                    "type": "aws_elb",
                    "depends_on": [
                        "aws_security_group.k8s_master_instance",
                        "null_resource.k8s_cluster"
                    ],
                    "primary": {
                        "id": "prod-jcx-k8s-master-elb",
                        "attributes": {
                            "access_logs.#": "0",
                            "availability_zones.#": "1",
                            "availability_zones.3569565595": "us-east-1a",
                            "connection_draining": "false",
                            "connection_draining_timeout": "300",
                            "cross_zone_load_balancing": "true",
                            "dns_name": "internal-prod-jcx-k8s-master-elb-476079142.us-east-1.elb.amazonaws.com",
                            "health_check.#": "1",
                            "health_check.0.healthy_threshold": "2",
                            "health_check.0.interval": "30",
                            "health_check.0.target": "TCP:443",
                            "health_check.0.timeout": "3",
                            "health_check.0.unhealthy_threshold": "2",
                            "id": "prod-jcx-k8s-master-elb",
                            "idle_timeout": "1800",
                            "instances.#": "0",
                            "internal": "true",
                            "listener.#": "1",
                            "listener.610193557.instance_port": "443",
                            "listener.610193557.instance_protocol": "tcp",
                            "listener.610193557.lb_port": "443",
                            "listener.610193557.lb_protocol": "tcp",
                            "listener.610193557.ssl_certificate_id": "",
                            "name": "prod-jcx-k8s-master-elb",
                            "security_groups.#": "2",
                            "security_groups.1126499022": "sg-2845e458",
                            "security_groups.3371213087": "sg-4e83c93f",
                            "source_security_group": "663559125979/us-east-1_jive-microservices-prod-jcx-master-instance",
                            "source_security_group_id": "sg-2845e458",
                            "subnets.#": "1",
                            "subnets.979789862": "subnet-2922c34d",
                            "tags.%": "7",
                            "tags.Hostname": "us-east-1_jive-microservices-prod-jcx-master1",
                            "tags.Jive_service": "us-east-1_jive-microservices-prod-jcx",
                            "tags.Name": "prod-jcx-k8s_master-elb",
                            "tags.Pipeline_phase": "prod-jcx",
                            "tags.Region": "us-east-1",
                            "tags.SLA": "none",
                            "tags.Service_component": "k8s-master",
                            "zone_id": "Z35SXDOTRQ7X7K"
                        },
                        "meta": {},
                        "tainted": false
                    },
                    "deposed": [],
                    "provider": ""
                },
                "aws_iam_instance_profile.k8s-master": {
                    "type": "aws_iam_instance_profile",
                    "depends_on": [
                        "aws_iam_role.k8s-master",
                        "null_resource.k8s_cluster"
                    ],
                    "primary": {
                        "id": "us-east-1_jive-microservices-prod-jcx-k8s-master-profile",
                        "attributes": {
                            "arn": "arn:aws:iam::663559125979:instance-profile/us-east-1_jive-microservices-prod-jcx-k8s-master-profile",
                            "id": "us-east-1_jive-microservices-prod-jcx-k8s-master-profile",
                            "name": "us-east-1_jive-microservices-prod-jcx-k8s-master-profile",
                            "path": "/",
                            "roles.#": "1",
                            "roles.3811896497": "us-east-1_jive-microservices-prod-jcx-master-role",
                            "unique_id": "AIPAIA5BNYQYZQWLPHZNY"
                        },
                        "meta": {},
                        "tainted": false
                    },
                    "deposed": [],
                    "provider": ""
                },
                "aws_iam_instance_profile.k8s-node": {
                    "type": "aws_iam_instance_profile",
                    "depends_on": [
                        "aws_iam_role.k8s-node",
                        "null_resource.k8s_cluster"
                    ],
                    "primary": {
                        "id": "us-east-1_jive-microservices-prod-jcx-k8s-node-profile",
                        "attributes": {
                            "arn": "arn:aws:iam::663559125979:instance-profile/us-east-1_jive-microservices-prod-jcx-k8s-node-profile",
                            "id": "us-east-1_jive-microservices-prod-jcx-k8s-node-profile",
                            "name": "us-east-1_jive-microservices-prod-jcx-k8s-node-profile",
                            "path": "/",
                            "roles.#": "1",
                            "roles.2198367001": "us-east-1_jive-microservices-prod-jcx-node-role",
                            "unique_id": "AIPAJKGISUUBECG5R3J2U"
                        },
                        "meta": {},
                        "tainted": false
                    },
                    "deposed": [],
                    "provider": ""
                },
                "aws_iam_role.k8s-master": {
                    "type": "aws_iam_role",
                    "depends_on": [
                        "null_resource.k8s_cluster"
                    ],
                    "primary": {
                        "id": "us-east-1_jive-microservices-prod-jcx-master-role",
                        "attributes": {
                            "arn": "arn:aws:iam::663559125979:role/us-east-1_jive-microservices-prod-jcx-master-role",
                            "assume_role_policy": "{\n    \"Version\": \"2012-10-17\",\n    \"Statement\": [\n        {\n            \"Action\": \"sts:AssumeRole\",\n            \"Principal\": {\n                \"Service\": \"ec2.amazonaws.com\"\n            },\n            \"Effect\": \"Allow\",\n            \"Sid\": \"\"\n        }\n    ]\n}\n",
                            "create_date": "2017-08-16T01:06:57Z",
                            "id": "us-east-1_jive-microservices-prod-jcx-master-role",
                            "name": "us-east-1_jive-microservices-prod-jcx-master-role",
                            "path": "/",
                            "unique_id": "AROAIJX774I2IL6MXX6PE"
                        },
                        "meta": {},
                        "tainted": false
                    },
                    "deposed": [],
                    "provider": ""
                },
                "aws_iam_role.k8s-node": {
                    "type": "aws_iam_role",
                    "depends_on": [
                        "null_resource.k8s_cluster"
                    ],
                    "primary": {
                        "id": "us-east-1_jive-microservices-prod-jcx-node-role",
                        "attributes": {
                            "arn": "arn:aws:iam::663559125979:role/us-east-1_jive-microservices-prod-jcx-node-role",
                            "assume_role_policy": "{\n    \"Version\": \"2012-10-17\",\n    \"Statement\": [\n        {\n            \"Action\": \"sts:AssumeRole\",\n            \"Principal\": {\n                \"Service\": \"ec2.amazonaws.com\"\n            },\n            \"Effect\": \"Allow\",\n            \"Sid\": \"\"\n        }\n    ]\n}\n",
                            "create_date": "2017-08-16T01:06:57Z",
                            "id": "us-east-1_jive-microservices-prod-jcx-node-role",
                            "name": "us-east-1_jive-microservices-prod-jcx-node-role",
                            "path": "/",
                            "unique_id": "AROAI3S2AC4W4S4M7DYRI"
                        },
                        "meta": {},
                        "tainted": false
                    },
                    "deposed": [],
                    "provider": ""
                },
                "aws_iam_role_policy.k8s-master": {
                    "type": "aws_iam_role_policy",
                    "depends_on": [
                        "aws_iam_role.k8s-master",
                        "null_resource.k8s_cluster"
                    ],
                    "primary": {
                        "id": "us-east-1_jive-microservices-prod-jcx-master-role:us-east-1_jive-microservices-prod-jcx-master-policy",
                        "attributes": {
                            "id": "us-east-1_jive-microservices-prod-jcx-master-role:us-east-1_jive-microservices-prod-jcx-master-policy",
                            "name": "us-east-1_jive-microservices-prod-jcx-master-policy",
                            "policy": "{\n    \"Version\": \"2012-10-17\",\n    \"Statement\": [\n        {\n            \"Effect\": \"Allow\",\n            \"Action\": [\"ec2:*\"],\n            \"Resource\": [\"*\"]\n        },\n        {\n            \"Effect\": \"Allow\",\n            \"Action\": [\"elasticloadbalancing:*\"],\n            \"Resource\": [\"*\"]\n        },\n        {\n            \"Effect\": \"Allow\",\n            \"Action\": [\n                \"ec2:Describe*\",\n                \"ec2:AttachVolume\",\n                \"ec2:DetachVolume\",\n                \"route53:ListHostedZones\",\n                \"route53:ListResourceRecordSets\",\n                \"rds:Describe*\",\n                \"elasticache:Describe*\",\n                \"s3:GetObject\",\n                \"s3:PutObject\",\n                \"s3:ListAllMyBuckets\",\n                \"s3:ListBucket\",\n                \"s3:GetBucketLocation\"\n            ],\n            \"Resource\": \"*\"\n        }\n    ]\n}\n",
                            "role": "us-east-1_jive-microservices-prod-jcx-master-role"
                        },
                        "meta": {},
                        "tainted": false
                    },
                    "deposed": [],
                    "provider": ""
                },
                "aws_iam_role_policy.k8s-node": {
                    "type": "aws_iam_role_policy",
                    "depends_on": [
                        "aws_iam_role.k8s-node",
                        "null_resource.k8s_cluster"
                    ],
                    "primary": {
                        "id": "us-east-1_jive-microservices-prod-jcx-node-role:us-east-1_jive-microservices-prod-jcx-node-policy",
                        "attributes": {
                            "id": "us-east-1_jive-microservices-prod-jcx-node-role:us-east-1_jive-microservices-prod-jcx-node-policy",
                            "name": "us-east-1_jive-microservices-prod-jcx-node-policy",
                            "policy": "{\n    \"Version\": \"2012-10-17\",\n    \"Statement\": [\n        {\n            \"Effect\": \"Allow\",\n            \"Action\": [\n                \"ec2:Describe*\",\n                \"ec2:AttachVolume\",\n                \"ec2:DetachVolume\",\n                \"ec2:AttachNetworkInterface\",\n                \"ec2:DetachNetworkInterface\",\n                \"route53:ListHostedZones\",\n                \"route53:ListResourceRecordSets\",\n                \"rds:Describe*\",\n                \"elasticache:Describe*\",\n                \"s3:GetObject\",\n                \"s3:ListAllMyBuckets\",\n                \"s3:ListBucket\",\n                \"s3:PutObject\",\n                \"s3:CreateBucket\",\n                \"s3:GetBucketLocation\"\n            ],\n            \"Resource\": \"*\"\n        }\n    ]\n}\n",
                            "role": "us-east-1_jive-microservices-prod-jcx-node-role"
                        },
                        "meta": {},
                        "tainted": false
                    },
                    "deposed": [],
                    "provider": ""
                },
                "aws_launch_configuration.k8s_etcd": {
                    "type": "aws_launch_configuration",
                    "depends_on": [
                        "aws_iam_instance_profile.k8s-node",
                        "aws_security_group.k8s_etcd_instance",
                        "data.template_file.cloud_config"
                    ],
                    "primary": {
                        "id": "terraform-00d101417a22bc7ecc5d080cc9",
                        "attributes": {
                            "associate_public_ip_address": "false",
                            "ebs_block_device.#": "0",
                            "ebs_optimized": "false",
                            "enable_monitoring": "true",
                            "ephemeral_block_device.#": "0",
                            "iam_instance_profile": "us-east-1_jive-microservices-prod-jcx-k8s-node-profile",
                            "id": "terraform-00d101417a22bc7ecc5d080cc9",
                            "image_id": "ami-61659e77",
                            "instance_type": "t2.medium",
                            "key_name": "plops-ms-prod-jcx-k8s",
                            "name": "terraform-00d101417a22bc7ecc5d080cc9",
                            "root_block_device.#": "1",
                            "root_block_device.0.delete_on_termination": "true",
                            "root_block_device.0.iops": "0",
                            "root_block_device.0.volume_size": "20",
                            "root_block_device.0.volume_type": "gp2",
                            "security_groups.#": "2",
                            "security_groups.162077809": "sg-1548e965",
                            "security_groups.3371213087": "sg-4e83c93f",
                            "spot_price": "",
                            "user_data": "3707fb917a26f224192bae8252885cca52ec5bf4",
                            "vpc_classic_link_id": "",
                            "vpc_classic_link_security_groups.#": "0"
                        },
                        "meta": {},
                        "tainted": false
                    },
                    "deposed": [],
                    "provider": ""
                },
                "aws_launch_configuration.k8s_master": {
                    "type": "aws_launch_configuration",
                    "depends_on": [
                        "aws_iam_instance_profile.k8s-master",
                        "aws_security_group.k8s_master_instance",
                        "data.template_file.cloud_config"
                    ],
                    "primary": {
                        "id": "terraform-00d101417a22bc7ecc5d080cc7",
                        "attributes": {
                            "associate_public_ip_address": "false",
                            "ebs_block_device.#": "0",
                            "ebs_optimized": "false",
                            "enable_monitoring": "true",
                            "ephemeral_block_device.#": "0",
                            "iam_instance_profile": "us-east-1_jive-microservices-prod-jcx-k8s-master-profile",
                            "id": "terraform-00d101417a22bc7ecc5d080cc7",
                            "image_id": "ami-61659e77",
                            "instance_type": "r4.xlarge",
                            "key_name": "plops-ms-prod-jcx-k8s",
                            "name": "terraform-00d101417a22bc7ecc5d080cc7",
                            "root_block_device.#": "1",
                            "root_block_device.0.delete_on_termination": "true",
                            "root_block_device.0.iops": "0",
                            "root_block_device.0.volume_size": "100",
                            "root_block_device.0.volume_type": "gp2",
                            "security_groups.#": "2",
                            "security_groups.1126499022": "sg-2845e458",
                            "security_groups.3371213087": "sg-4e83c93f",
                            "spot_price": "",
                            "user_data": "3707fb917a26f224192bae8252885cca52ec5bf4",
                            "vpc_classic_link_id": "",
                            "vpc_classic_link_security_groups.#": "0"
                        },
                        "meta": {},
                        "tainted": false
                    },
                    "deposed": [],
                    "provider": ""
                },
                "aws_launch_configuration.k8s_worker": {
                    "type": "aws_launch_configuration",
                    "depends_on": [
                        "aws_iam_instance_profile.k8s-node",
                        "aws_security_group.k8s_worker_instance",
                        "data.template_file.cloud_config"
                    ],
                    "primary": {
                        "id": "terraform-00d101417a22bc7ecc5d080cc8",
                        "attributes": {
                            "associate_public_ip_address": "false",
                            "ebs_block_device.#": "0",
                            "ebs_optimized": "false",
                            "enable_monitoring": "true",
                            "ephemeral_block_device.#": "0",
                            "iam_instance_profile": "us-east-1_jive-microservices-prod-jcx-k8s-node-profile",
                            "id": "terraform-00d101417a22bc7ecc5d080cc8",
                            "image_id": "ami-61659e77",
                            "instance_type": "m4.16xlarge",
                            "key_name": "plops-ms-prod-jcx-k8s",
                            "name": "terraform-00d101417a22bc7ecc5d080cc8",
                            "root_block_device.#": "1",
                            "root_block_device.0.delete_on_termination": "true",
                            "root_block_device.0.iops": "0",
                            "root_block_device.0.volume_size": "50",
                            "root_block_device.0.volume_type": "gp2",
                            "security_groups.#": "2",
                            "security_groups.1576471899": "sg-b47edfc4",
                            "security_groups.3371213087": "sg-4e83c93f",
                            "spot_price": "",
                            "user_data": "3707fb917a26f224192bae8252885cca52ec5bf4",
                            "vpc_classic_link_id": "",
                            "vpc_classic_link_security_groups.#": "0"
                        },
                        "meta": {},
                        "tainted": false
                    },
                    "deposed": [],
                    "provider": ""
                },
                "aws_network_interface.k8s_etcd.0": {
                    "type": "aws_network_interface",
                    "depends_on": [
                        "aws_security_group.k8s_etcd_instance",
                        "data.aws_subnet.natdc.*",
                        "null_resource.k8s_cluster"
                    ],
                    "primary": {
                        "id": "eni-058bfd12",
                        "attributes": {
                            "attachment.#": "0",
                            "description": "",
                            "id": "eni-058bfd12",
                            "private_ip": "10.125.112.4",
                            "private_ips.#": "1",
                            "private_ips.1836214476": "10.125.112.4",
                            "security_groups.#": "2",
                            "security_groups.162077809": "sg-1548e965",
                            "security_groups.3371213087": "sg-4e83c93f",
                            "source_dest_check": "true",
                            "subnet_id": "subnet-2922c34d",
                            "tags.%": "8",
                            "tags.Hostname": "us-east-1_jive-microservices-prod-jcx-etcd1",
                            "tags.Jive_service": "us-east-1_jive-microservices-prod-jcx",
                            "tags.KubernetesCluster": "us-east-1_jive-microservices-prod-jcx",
                            "tags.Name": "prod-jcx-k8s-etcd-instance",
                            "tags.Pipeline_phase": "prod-jcx",
                            "tags.Region": "us-east-1",
                            "tags.SLA": "none",
                            "tags.Service_component": "k8s-etcd"
                        },
                        "meta": {},
                        "tainted": false
                    },
                    "deposed": [],
                    "provider": ""
                },
                "aws_network_interface.k8s_etcd.1": {
                    "type": "aws_network_interface",
                    "depends_on": [
                        "aws_security_group.k8s_etcd_instance",
                        "data.aws_subnet.natdc.*",
                        "null_resource.k8s_cluster"
                    ],
                    "primary": {
                        "id": "eni-0235efa3",
                        "attributes": {
                            "attachment.#": "0",
                            "description": "",
                            "id": "eni-0235efa3",
                            "private_ip": "10.125.114.250",
                            "private_ips.#": "1",
                            "private_ips.1792701869": "10.125.114.250",
                            "security_groups.#": "2",
                            "security_groups.162077809": "sg-1548e965",
                            "security_groups.3371213087": "sg-4e83c93f",
                            "source_dest_check": "true",
                            "subnet_id": "subnet-0bbd2e27",
                            "tags.%": "8",
                            "tags.Hostname": "us-east-1_jive-microservices-prod-jcx-etcd2",
                            "tags.Jive_service": "us-east-1_jive-microservices-prod-jcx",
                            "tags.KubernetesCluster": "us-east-1_jive-microservices-prod-jcx",
                            "tags.Name": "prod-jcx-k8s-etcd-instance",
                            "tags.Pipeline_phase": "prod-jcx",
                            "tags.Region": "us-east-1",
                            "tags.SLA": "none",
                            "tags.Service_component": "k8s-etcd"
                        },
                        "meta": {},
                        "tainted": false
                    },
                    "deposed": [],
                    "provider": ""
                },
                "aws_network_interface.k8s_etcd.2": {
                    "type": "aws_network_interface",
                    "depends_on": [
                        "aws_security_group.k8s_etcd_instance",
                        "data.aws_subnet.natdc.*",
                        "null_resource.k8s_cluster"
                    ],
                    "primary": {
                        "id": "eni-b4d38061",
                        "attributes": {
                            "attachment.#": "0",
                            "description": "",
                            "id": "eni-b4d38061",
                            "private_ip": "10.125.117.81",
                            "private_ips.#": "1",
                            "private_ips.2315824250": "10.125.117.81",
                            "security_groups.#": "2",
                            "security_groups.162077809": "sg-1548e965",
                            "security_groups.3371213087": "sg-4e83c93f",
                            "source_dest_check": "true",
                            "subnet_id": "subnet-f0377db8",
                            "tags.%": "8",
                            "tags.Hostname": "us-east-1_jive-microservices-prod-jcx-etcd3",
                            "tags.Jive_service": "us-east-1_jive-microservices-prod-jcx",
                            "tags.KubernetesCluster": "us-east-1_jive-microservices-prod-jcx",
                            "tags.Name": "prod-jcx-k8s-etcd-instance",
                            "tags.Pipeline_phase": "prod-jcx",
                            "tags.Region": "us-east-1",
                            "tags.SLA": "none",
                            "tags.Service_component": "k8s-etcd"
                        },
                        "meta": {},
                        "tainted": false
                    },
                    "deposed": [],
                    "provider": ""
                },
                "aws_network_interface.k8s_etcd.3": {
                    "type": "aws_network_interface",
                    "depends_on": [
                        "aws_security_group.k8s_etcd_instance",
                        "data.aws_subnet.natdc.*",
                        "null_resource.k8s_cluster"
                    ],
                    "primary": {
                        "id": "eni-3e4c3195",
                        "attributes": {
                            "attachment.#": "0",
                            "description": "",
                            "id": "eni-3e4c3195",
                            "private_ip": "10.125.118.105",
                            "private_ips.#": "1",
                            "private_ips.2691769919": "10.125.118.105",
                            "security_groups.#": "2",
                            "security_groups.162077809": "sg-1548e965",
                            "security_groups.3371213087": "sg-4e83c93f",
                            "source_dest_check": "true",
                            "subnet_id": "subnet-0362e959",
                            "tags.%": "8",
                            "tags.Hostname": "us-east-1_jive-microservices-prod-jcx-etcd4",
                            "tags.Jive_service": "us-east-1_jive-microservices-prod-jcx",
                            "tags.KubernetesCluster": "us-east-1_jive-microservices-prod-jcx",
                            "tags.Name": "prod-jcx-k8s-etcd-instance",
                            "tags.Pipeline_phase": "prod-jcx",
                            "tags.Region": "us-east-1",
                            "tags.SLA": "none",
                            "tags.Service_component": "k8s-etcd"
                        },
                        "meta": {},
                        "tainted": false
                    },
                    "deposed": [],
                    "provider": ""
                },
                "aws_network_interface.k8s_etcd.4": {
                    "type": "aws_network_interface",
                    "depends_on": [
                        "aws_security_group.k8s_etcd_instance",
                        "data.aws_subnet.natdc.*",
                        "null_resource.k8s_cluster"
                    ],
                    "primary": {
                        "id": "eni-b06522b0",
                        "attributes": {
                            "attachment.#": "0",
                            "description": "",
                            "id": "eni-b06522b0",
                            "private_ip": "10.125.120.224",
                            "private_ips.#": "1",
                            "private_ips.1373827869": "10.125.120.224",
                            "security_groups.#": "2",
                            "security_groups.162077809": "sg-1548e965",
                            "security_groups.3371213087": "sg-4e83c93f",
                            "source_dest_check": "true",
                            "subnet_id": "subnet-8f0c0fb3",
                            "tags.%": "8",
                            "tags.Hostname": "us-east-1_jive-microservices-prod-jcx-etcd5",
                            "tags.Jive_service": "us-east-1_jive-microservices-prod-jcx",
                            "tags.KubernetesCluster": "us-east-1_jive-microservices-prod-jcx",
                            "tags.Name": "prod-jcx-k8s-etcd-instance",
                            "tags.Pipeline_phase": "prod-jcx",
                            "tags.Region": "us-east-1",
                            "tags.SLA": "none",
                            "tags.Service_component": "k8s-etcd"
                        },
                        "meta": {},
                        "tainted": false
                    },
                    "deposed": [],
                    "provider": ""
                },
                "aws_s3_bucket.logging": {
                    "type": "aws_s3_bucket",
                    "depends_on": [
                        "data.aws_iam_policy_document.logging"
                    ],
                    "primary": {
                        "id": "us-east-1-jive-microservices-prod-jcx-logs",
                        "attributes": {
                            "acceleration_status": "",
                            "acl": "private",
                            "arn": "arn:aws:s3:::us-east-1-jive-microservices-prod-jcx-logs",
                            "bucket": "us-east-1-jive-microservices-prod-jcx-logs",
                            "bucket_domain_name": "us-east-1-jive-microservices-prod-jcx-logs.s3.amazonaws.com",
                            "force_destroy": "false",
                            "hosted_zone_id": "Z3AQBSTGFYJSTF",
                            "id": "us-east-1-jive-microservices-prod-jcx-logs",
                            "logging.#": "0",
                            "policy": "{\"Statement\":[{\"Action\":\"s3:PutObject\",\"Effect\":\"Allow\",\"Principal\":{\"AWS\":[\"arn:aws:iam::663559125979:role/us-east-1_jive-microservices-prod-jcx-node-role\",\"arn:aws:iam::663559125979:role/us-east-1_jive-microservices-prod-jcx-master-role\"]},\"Resource\":\"arn:aws:s3:::us-east-1-jive-microservices-prod-jcx-logs/*\",\"Sid\":\"Logs\"}],\"Version\":\"2012-10-17\"}",
                            "region": "us-east-1",
                            "request_payer": "BucketOwner",
                            "tags.%": "5",
                            "tags.KubernetesCluster": "us-east-1_jive-microservices-prod-jcx",
                            "tags.Name": "us-east-1-jive-microservices-prod-jcx-logs",
                            "tags.pipeline_phase": "prod-jcx",
                            "tags.region": "us-east-1",
                            "tags.service_component": "logs",
                            "versioning.#": "1",
                            "versioning.0.enabled": "false",
                            "versioning.0.mfa_delete": "false",
                            "website.#": "0"
                        },
                        "meta": {},
                        "tainted": false
                    },
                    "deposed": [],
                    "provider": ""
                },
                "aws_security_group.k8s_etcd_instance": {
                    "type": "aws_security_group",
                    "depends_on": [
                        "aws_security_group.k8s_master_instance",
                        "aws_security_group.k8s_worker_instance",
                        "null_resource.k8s_cluster"
                    ],
                    "primary": {
                        "id": "sg-1548e965",
                        "attributes": {
                            "description": "Access to K8S etcd nodes",
                            "egress.#": "0",
                            "id": "sg-1548e965",
                            "ingress.#": "2",
                            "ingress.3756138383.cidr_blocks.#": "0",
                            "ingress.3756138383.from_port": "2380",
                            "ingress.3756138383.ipv6_cidr_blocks.#": "0",
                            "ingress.3756138383.protocol": "tcp",
                            "ingress.3756138383.security_groups.#": "2",
                            "ingress.3756138383.security_groups.1126499022": "sg-2845e458",
                            "ingress.3756138383.security_groups.1576471899": "sg-b47edfc4",
                            "ingress.3756138383.self": "true",
                            "ingress.3756138383.to_port": "2380",
                            "ingress.4220734741.cidr_blocks.#": "0",
                            "ingress.4220734741.from_port": "2379",
                            "ingress.4220734741.ipv6_cidr_blocks.#": "0",
                            "ingress.4220734741.protocol": "tcp",
                            "ingress.4220734741.security_groups.#": "2",
                            "ingress.4220734741.security_groups.1126499022": "sg-2845e458",
                            "ingress.4220734741.security_groups.1576471899": "sg-b47edfc4",
                            "ingress.4220734741.self": "true",
                            "ingress.4220734741.to_port": "2379",
                            "name": "us-east-1_jive-microservices-prod-jcx-kubernetes-etcd-instance",
                            "owner_id": "663559125979",
                            "tags.%": "6",
                            "tags.Name": "us-east-1_jive-microservices-prod-jcx-etcd-instance",
                            "tags.jive_service": "k8s",
                            "tags.pipeline_phase": "prod-jcx",
                            "tags.region": "us-east-1",
                            "tags.service_component": "k8s-etcd",
                            "tags.sla": "none",
                            "vpc_id": "vpc-9d7ae1e4"
                        },
                        "meta": {},
                        "tainted": false
                    },
                    "deposed": [],
                    "provider": ""
                },
                "aws_security_group.k8s_master_instance": {
                    "type": "aws_security_group",
                    "depends_on": [
                        "null_resource.k8s_cluster"
                    ],
                    "primary": {
                        "id": "sg-2845e458",
                        "attributes": {
                            "description": "Access to K8S Master nodes",
                            "egress.#": "0",
                            "id": "sg-2845e458",
                            "ingress.#": "2",
                            "ingress.3584403950.cidr_blocks.#": "1",
                            "ingress.3584403950.cidr_blocks.0": "10.125.112.0/20",
                            "ingress.3584403950.from_port": "8080",
                            "ingress.3584403950.ipv6_cidr_blocks.#": "0",
                            "ingress.3584403950.protocol": "tcp",
                            "ingress.3584403950.security_groups.#": "0",
                            "ingress.3584403950.self": "true",
                            "ingress.3584403950.to_port": "8080",
                            "ingress.691539513.cidr_blocks.#": "1",
                            "ingress.691539513.cidr_blocks.0": "10.0.0.0/8",
                            "ingress.691539513.from_port": "443",
                            "ingress.691539513.ipv6_cidr_blocks.#": "0",
                            "ingress.691539513.protocol": "tcp",
                            "ingress.691539513.security_groups.#": "0",
                            "ingress.691539513.self": "true",
                            "ingress.691539513.to_port": "443",
                            "name": "us-east-1_jive-microservices-prod-jcx-master-instance",
                            "owner_id": "663559125979",
                            "tags.%": "6",
                            "tags.Name": "us-east-1_jive-microservices-prod-jcx-master-instance",
                            "tags.jive_service": "k8s",
                            "tags.pipeline_phase": "prod-jcx",
                            "tags.region": "us-east-1",
                            "tags.service_component": "k8s-master",
                            "tags.sla": "none",
                            "vpc_id": "vpc-9d7ae1e4"
                        },
                        "meta": {},
                        "tainted": false
                    },
                    "deposed": [],
                    "provider": ""
                },
                "aws_security_group.k8s_worker_instance": {
                    "type": "aws_security_group",
                    "depends_on": [
                        "aws_security_group.k8s_master_instance",
                        "null_resource.k8s_cluster"
                    ],
                    "primary": {
                        "id": "sg-b47edfc4",
                        "attributes": {
                            "description": "Allow traffic to K8S worker nodes",
                            "egress.#": "0",
                            "id": "sg-b47edfc4",
                            "ingress.#": "1",
                            "ingress.1392557728.cidr_blocks.#": "0",
                            "ingress.1392557728.from_port": "0",
                            "ingress.1392557728.ipv6_cidr_blocks.#": "0",
                            "ingress.1392557728.protocol": "-1",
                            "ingress.1392557728.security_groups.#": "1",
                            "ingress.1392557728.security_groups.1126499022": "sg-2845e458",
                            "ingress.1392557728.self": "true",
                            "ingress.1392557728.to_port": "0",
                            "name": "us-east-1_jive-microservices-prod-jcx-worker-instance",
                            "owner_id": "663559125979",
                            "tags.%": "7",
                            "tags.KubernetesCluster": "us-east-1_jive-microservices-prod-jcx",
                            "tags.Name": "us-east-1_jive-microservices-prod-jcx-worker-instance",
                            "tags.jive_service": "k8s",
                            "tags.pipeline_phase": "prod-jcx",
                            "tags.region": "us-east-1",
                            "tags.service_component": "k8s-worker",
                            "tags.sla": "none",
                            "vpc_id": "vpc-9d7ae1e4"
                        },
                        "meta": {},
                        "tainted": false
                    },
                    "deposed": [],
                    "provider": ""
                },
                "aws_security_group_rule.k8s_master_instance": {
                    "type": "aws_security_group_rule",
                    "depends_on": [
                        "aws_security_group.k8s_master_instance",
                        "aws_security_group.k8s_worker_instance"
                    ],
                    "primary": {
                        "id": "sgrule-4253681576",
                        "attributes": {
                            "from_port": "0",
                            "id": "sgrule-4253681576",
                            "protocol": "-1",
                            "security_group_id": "sg-2845e458",
                            "self": "false",
                            "source_security_group_id": "sg-b47edfc4",
                            "to_port": "0",
                            "type": "ingress"
                        },
                        "meta": {
                            "schema_version": "2"
                        },
                        "tainted": false
                    },
                    "deposed": [],
                    "provider": ""
                },
                "aws_security_group_rule.k8s_worker_instance": {
                    "type": "aws_security_group_rule",
                    "depends_on": [
                        "aws_security_group.k8s_worker_instance"
                    ],
                    "primary": {
                        "id": "sgrule-358105667",
                        "attributes": {
                            "cidr_blocks.#": "1",
                            "cidr_blocks.0": "10.125.112.0/20",
                            "from_port": "30000",
                            "id": "sgrule-358105667",
                            "protocol": "tcp",
                            "security_group_id": "sg-b47edfc4",
                            "self": "false",
                            "to_port": "32767",
                            "type": "ingress"
                        },
                        "meta": {
                            "schema_version": "2"
                        },
                        "tainted": false
                    },
                    "deposed": [],
                    "provider": ""
                },
                "data.aws_availability_zones.available": {
                    "type": "aws_availability_zones",
                    "depends_on": [],
                    "primary": {
                        "id": "2017-08-16 01:06:52.409269363 +0000 UTC",
                        "attributes": {
                            "id": "2017-08-16 01:06:52.409269363 +0000 UTC",
                            "names.#": "6",
                            "names.0": "us-east-1a",
                            "names.1": "us-east-1b",
                            "names.2": "us-east-1c",
                            "names.3": "us-east-1d",
                            "names.4": "us-east-1e",
                            "names.5": "us-east-1f"
                        },
                        "meta": {},
                        "tainted": false
                    },
                    "deposed": [],
                    "provider": ""
                },
                "data.aws_iam_policy_document.logging": {
                    "type": "aws_iam_policy_document",
                    "depends_on": [
                        "aws_iam_role.k8s-master",
                        "aws_iam_role.k8s-node"
                    ],
                    "primary": {
                        "id": "2350418139",
                        "attributes": {
                            "id": "2350418139",
                            "json": "{\n  \"Version\": \"2012-10-17\",\n  \"Statement\": [\n    {\n      \"Sid\": \"Logs\",\n      \"Effect\": \"Allow\",\n      \"Action\": \"s3:PutObject\",\n      \"Resource\": \"arn:aws:s3:::us-east-1-jive-microservices-prod-jcx-logs/*\",\n      \"Principal\": {\n        \"AWS\": [\n          \"arn:aws:iam::663559125979:role/us-east-1_jive-microservices-prod-jcx-node-role\",\n          \"arn:aws:iam::663559125979:role/us-east-1_jive-microservices-prod-jcx-master-role\"\n        ]\n      }\n    }\n  ]\n}",
                            "statement.#": "1",
                            "statement.0.actions.#": "1",
                            "statement.0.actions.315547055": "s3:PutObject",
                            "statement.0.condition.#": "0",
                            "statement.0.effect": "Allow",
                            "statement.0.not_actions.#": "0",
                            "statement.0.not_principals.#": "0",
                            "statement.0.not_resources.#": "0",
                            "statement.0.principals.#": "1",
                            "statement.0.principals.1474018632.identifiers.#": "2",
                            "statement.0.principals.1474018632.identifiers.1206609201": "arn:aws:iam::663559125979:role/us-east-1_jive-microservices-prod-jcx-master-role",
                            "statement.0.principals.1474018632.identifiers.603772351": "arn:aws:iam::663559125979:role/us-east-1_jive-microservices-prod-jcx-node-role",
                            "statement.0.principals.1474018632.type": "AWS",
                            "statement.0.resources.#": "1",
                            "statement.0.resources.1158812527": "arn:aws:s3:::us-east-1-jive-microservices-prod-jcx-logs/*",
                            "statement.0.sid": "Logs"
                        },
                        "meta": {},
                        "tainted": false
                    },
                    "deposed": [],
                    "provider": ""
                },
                "data.aws_subnet.natdc.0": {
                    "type": "aws_subnet",
                    "depends_on": [
                        "data.aws_availability_zones.available"
                    ],
                    "primary": {
                        "id": "subnet-2922c34d",
                        "attributes": {
                            "assign_ipv6_address_on_creation": "false",
                            "availability_zone": "us-east-1a",
                            "cidr_block": "10.125.112.0/23",
                            "default_for_az": "false",
                            "id": "subnet-2922c34d",
                            "map_public_ip_on_launch": "false",
                            "state": "available",
                            "tags.%": "7",
                            "tags.KubernetesCluster": "us-east-1_jive-microservices-prod-jcx",
                            "tags.Name": "prod-jcx-natdc-subnet",
                            "tags.account_name": "jive-microservices-prod",
                            "tags.kubernetes.io/role/internal-elb": "us-east-1_jive-microservices-prod-jcx",
                            "tags.pipeline_phase": "prod-jcx",
                            "tags.region": "us-east-1",
                            "tags.sla": "prod",
                            "vpc_id": "vpc-9d7ae1e4"
                        },
                        "meta": {},
                        "tainted": false
                    },
                    "deposed": [],
                    "provider": ""
                },
                "data.aws_subnet.natdc.1": {
                    "type": "aws_subnet",
                    "depends_on": [
                        "data.aws_availability_zones.available"
                    ],
                    "primary": {
                        "id": "subnet-0bbd2e27",
                        "attributes": {
                            "assign_ipv6_address_on_creation": "false",
                            "availability_zone": "us-east-1b",
                            "cidr_block": "10.125.114.0/23",
                            "default_for_az": "false",
                            "id": "subnet-0bbd2e27",
                            "map_public_ip_on_launch": "false",
                            "state": "available",
                            "tags.%": "7",
                            "tags.KubernetesCluster": "us-east-1_jive-microservices-prod-jcx",
                            "tags.Name": "prod-jcx-natdc-subnet",
                            "tags.account_name": "jive-microservices-prod",
                            "tags.kubernetes.io/role/internal-elb": "us-east-1_jive-microservices-prod-jcx",
                            "tags.pipeline_phase": "prod-jcx",
                            "tags.region": "us-east-1",
                            "tags.sla": "prod",
                            "vpc_id": "vpc-9d7ae1e4"
                        },
                        "meta": {},
                        "tainted": false
                    },
                    "deposed": [],
                    "provider": ""
                },
                "data.aws_subnet.natdc.2": {
                    "type": "aws_subnet",
                    "depends_on": [
                        "data.aws_availability_zones.available"
                    ],
                    "primary": {
                        "id": "subnet-f0377db8",
                        "attributes": {
                            "assign_ipv6_address_on_creation": "false",
                            "availability_zone": "us-east-1c",
                            "cidr_block": "10.125.116.0/23",
                            "default_for_az": "false",
                            "id": "subnet-f0377db8",
                            "map_public_ip_on_launch": "false",
                            "state": "available",
                            "tags.%": "7",
                            "tags.KubernetesCluster": "us-east-1_jive-microservices-prod-jcx",
                            "tags.Name": "prod-jcx-natdc-subnet",
                            "tags.account_name": "jive-microservices-prod",
                            "tags.kubernetes.io/role/internal-elb": "us-east-1_jive-microservices-prod-jcx",
                            "tags.pipeline_phase": "prod-jcx",
                            "tags.region": "us-east-1",
                            "tags.sla": "prod",
                            "vpc_id": "vpc-9d7ae1e4"
                        },
                        "meta": {},
                        "tainted": false
                    },
                    "deposed": [],
                    "provider": ""
                },
                "data.aws_subnet.natdc.3": {
                    "type": "aws_subnet",
                    "depends_on": [
                        "data.aws_availability_zones.available"
                    ],
                    "primary": {
                        "id": "subnet-0362e959",
                        "attributes": {
                            "assign_ipv6_address_on_creation": "false",
                            "availability_zone": "us-east-1d",
                            "cidr_block": "10.125.118.0/23",
                            "default_for_az": "false",
                            "id": "subnet-0362e959",
                            "map_public_ip_on_launch": "false",
                            "state": "available",
                            "tags.%": "7",
                            "tags.KubernetesCluster": "us-east-1_jive-microservices-prod-jcx",
                            "tags.Name": "prod-jcx-natdc-subnet",
                            "tags.account_name": "jive-microservices-prod",
                            "tags.kubernetes.io/role/internal-elb": "us-east-1_jive-microservices-prod-jcx",
                            "tags.pipeline_phase": "prod-jcx",
                            "tags.region": "us-east-1",
                            "tags.sla": "prod",
                            "vpc_id": "vpc-9d7ae1e4"
                        },
                        "meta": {},
                        "tainted": false
                    },
                    "deposed": [],
                    "provider": ""
                },
                "data.aws_subnet.natdc.4": {
                    "type": "aws_subnet",
                    "depends_on": [
                        "data.aws_availability_zones.available"
                    ],
                    "primary": {
                        "id": "subnet-8f0c0fb3",
                        "attributes": {
                            "assign_ipv6_address_on_creation": "false",
                            "availability_zone": "us-east-1e",
                            "cidr_block": "10.125.120.0/23",
                            "default_for_az": "false",
                            "id": "subnet-8f0c0fb3",
                            "map_public_ip_on_launch": "false",
                            "state": "available",
                            "tags.%": "7",
                            "tags.KubernetesCluster": "us-east-1_jive-microservices-prod-jcx",
                            "tags.Name": "prod-jcx-natdc-subnet",
                            "tags.account_name": "jive-microservices-prod",
                            "tags.kubernetes.io/role/internal-elb": "us-east-1_jive-microservices-prod-jcx",
                            "tags.pipeline_phase": "prod-jcx",
                            "tags.region": "us-east-1",
                            "tags.sla": "prod",
                            "vpc_id": "vpc-9d7ae1e4"
                        },
                        "meta": {},
                        "tainted": false
                    },
                    "deposed": [],
                    "provider": ""
                },
                "data.template_file.cloud_config": {
                    "type": "template_file",
                    "depends_on": [
                        "aws_eip.k8s_master_eip",
                        "aws_elb.k8s_master",
                        "null_resource.k8s_cluster"
                    ],
                    "primary": {
                        "id": "f728753f1d88d072d7c0a20ba38ae544b356dd9d01c1176fbe88e094fc11e786",
                        "attributes": {
                            "id": "f728753f1d88d072d7c0a20ba38ae544b356dd9d01c1176fbe88e094fc11e786",
                            "rendered": "#cloud-config\ncoreos:\n  units:\n    - name: bootstrap.service\n      command: start\n      content: |\n        [Unit]\n        Requires=early-docker.service\n        After=early-docker.service\n        Description=Bootstraps the node\n        [Service]\n        Environment=\"DOCKER_HOST=unix:///var/run/early-docker.sock\"\n        Type=oneshot\n        RemainAfterExit=yes\n        ExecStart=/root/bootstrap.sh\n    - name: settimezone.service\n      command: start\n      content: |\n        [Unit]\n        Description=Set the timezone\n        [Service]\n        ExecStart=/usr/bin/timedatectl set-timezone UTC\n        RemainAfterExit=yes\n        Type=oneshot\nupdate:\n    reboot-strategy: off\nssh_authorized_keys:\n  - ssh-rsa AAAAB3NzaC1yc2EAAAADAQABAAABAQDfBTNflUxbu2ljiDUptKOkxzk46PQ43qIsl3B3YsJB/MjsSx/4cZZABiv25gbFIiZWVF3r/M1/7Fu4TmKAFcKo6UAh+9cCXavUzRXm6fvqrSRhnaaz+g0V4o2vUHOuEvproEbmrP6Nymzeh6Po7ToDesqLIuv9DB87YMJWB4WgmLH8Ox8OlHrgpgW1i9Obh2TtyV/RwtKb1pmzP/dWHP7KHggmxihHKbx8sb+1bgzZ89vkoCoxuttN9w8nVoen8gU0o8aP3r6nt0tXpWhtSdcPtb0qELhDhDeF0NClpDQ83jt/kvOTv5/Y60Di+3qjEuSMK1QglLY1Pya3sk+pwzpV\nwrite_files:\n  - path: /etc/hosts\n    permissions: 0644\n    content: |\n      10.160.4.127 docker.phx1.jivehosted.com\n      10.160.70.25 pulp-slave\nwrite_files:\n  - path: /root/parse_manifest.sh\n    permissions: 0755\n    content: |\n      #!/usr/bin/bash\n      jq -c '.clusters[] | select(.clusterName == \"us-east-1_jive-microservices-prod-jcx\") | .ansibleImageVersion' /tmp/cluster_manifest.json\nwrite_files:\n  - path: /root/pam_workaround.sh\n    permissions: 0755\n    content: |\n      #!/usr/bin/bash\n      if [[ -d /lib/pam.d ]]; then\n        rsync -a /lib/pam.d/ /etc/pam.d/\n        sed -i '/pam_systemd.so/d' /etc/pam.d/*\n        sed -i '/pam_nologin.so/d' /etc/pam.d/*\n      fi\nwrite_files:\n  - path: /root/bootstrap.sh\n    permissions: 0755\n    content: |\n      #!/usr/bin/bash\n      #\n      if [ -f /etc/coreos/update.conf ] ; then\n        rm  /etc/coreos/update.conf\n      fi\n\n      declare -r ansible_bucket=https://s3-us-west-2.amazonaws.com/jive-ansible-coreos-jive-infra-prod-usw2\n\n      # Get cluster manifest from S3 bucket\n      curl -XGET -s \\\n      --retry 3 \\\n      --retry-delay 5 \\\n      ${ansible_bucket}/cluster_manifest.json \\\n      --output /tmp/cluster_manifest.json\n\n      # Get ansible-coreos bootstrap script from S3 bucket\n      curl -XGET -s \\\n      --retry 3 \\\n      --retry-delay 5 \\\n      ${ansible_bucket}/run-ansible-container.sh \\\n      --output /tmp/run-ansible-container.sh\n\n      declare -r docker_image=$(bash /root/parse_manifest.sh | sed 's/\"//g')\n      bash -vx /root/pam_workaround.sh\n      bash -vx /tmp/run-ansible-container.sh ${docker_image}\n\n      exit 0\n\n# MASTER_EIP_ALLOC and ELB_NAME are passed from Terraform\n#MASTER_EIP_ALLOC:eipalloc-197f252a\n",
                            "template": "#cloud-config\ncoreos:\n  units:\n    - name: bootstrap.service\n      command: start\n      content: |\n        [Unit]\n        Requires=early-docker.service\n        After=early-docker.service\n        Description=Bootstraps the node\n        [Service]\n        Environment=\"DOCKER_HOST=unix:///var/run/early-docker.sock\"\n        Type=oneshot\n        RemainAfterExit=yes\n        ExecStart=/root/bootstrap.sh\n    - name: settimezone.service\n      command: start\n      content: |\n        [Unit]\n        Description=Set the timezone\n        [Service]\n        ExecStart=/usr/bin/timedatectl set-timezone UTC\n        RemainAfterExit=yes\n        Type=oneshot\nupdate:\n    reboot-strategy: off\nssh_authorized_keys:\n  - ${COREOS_AUTHKEY}\nwrite_files:\n  - path: /etc/hosts\n    permissions: 0644\n    content: |\n      ${DOCKER_REGISTRY}\n      ${PHX_PULP}\nwrite_files:\n  - path: /root/parse_manifest.sh\n    permissions: 0755\n    content: |\n      #!/usr/bin/bash\n      jq -c '.clusters[] | select(.clusterName == \"${KubernetesCluster}\") | .ansibleImageVersion' /tmp/cluster_manifest.json\nwrite_files:\n  - path: /root/pam_workaround.sh\n    permissions: 0755\n    content: |\n      #!/usr/bin/bash\n      if [[ -d /lib/pam.d ]]; then\n        rsync -a /lib/pam.d/ /etc/pam.d/\n        sed -i '/pam_systemd.so/d' /etc/pam.d/*\n        sed -i '/pam_nologin.so/d' /etc/pam.d/*\n      fi\nwrite_files:\n  - path: /root/bootstrap.sh\n    permissions: 0755\n    content: |\n      #!/usr/bin/bash\n      #\n      if [ -f /etc/coreos/update.conf ] ; then\n        rm  /etc/coreos/update.conf\n      fi\n\n      declare -r ansible_bucket=${ANSIBLE_BUCKET}\n\n      # Get cluster manifest from S3 bucket\n      curl -XGET -s \\\n      --retry 3 \\\n      --retry-delay 5 \\\n      $${ansible_bucket}/cluster_manifest.json \\\n      --output /tmp/cluster_manifest.json\n\n      # Get ansible-coreos bootstrap script from S3 bucket\n      curl -XGET -s \\\n      --retry 3 \\\n      --retry-delay 5 \\\n      $${ansible_bucket}/run-ansible-container.sh \\\n      --output /tmp/run-ansible-container.sh\n\n      declare -r docker_image=$$(bash /root/parse_manifest.sh | sed 's/\"//g')\n      bash -vx /root/pam_workaround.sh\n      bash -vx /tmp/run-ansible-container.sh $${docker_image}\n\n      exit 0\n\n# MASTER_EIP_ALLOC and ELB_NAME are passed from Terraform\n#MASTER_EIP_ALLOC:${MASTER_EIP_ALLOC}\n",
                            "vars.%": "7",
                            "vars.ANSIBLE_BUCKET": "https://s3-us-west-2.amazonaws.com/jive-ansible-coreos-jive-infra-prod-usw2",
                            "vars.COREOS_AUTHKEY": "ssh-rsa AAAAB3NzaC1yc2EAAAADAQABAAABAQDfBTNflUxbu2ljiDUptKOkxzk46PQ43qIsl3B3YsJB/MjsSx/4cZZABiv25gbFIiZWVF3r/M1/7Fu4TmKAFcKo6UAh+9cCXavUzRXm6fvqrSRhnaaz+g0V4o2vUHOuEvproEbmrP6Nymzeh6Po7ToDesqLIuv9DB87YMJWB4WgmLH8Ox8OlHrgpgW1i9Obh2TtyV/RwtKb1pmzP/dWHP7KHggmxihHKbx8sb+1bgzZ89vkoCoxuttN9w8nVoen8gU0o8aP3r6nt0tXpWhtSdcPtb0qELhDhDeF0NClpDQ83jt/kvOTv5/Y60Di+3qjEuSMK1QglLY1Pya3sk+pwzpV",
                            "vars.DOCKER_REGISTRY": "10.160.4.127 docker.phx1.jivehosted.com",
                            "vars.ELB_NAME": "prod-jcx-k8s-master-elb",
                            "vars.KubernetesCluster": "us-east-1_jive-microservices-prod-jcx",
                            "vars.MASTER_EIP_ALLOC": "eipalloc-197f252a",
                            "vars.PHX_PULP": "10.160.70.25 pulp-slave"
                        },
                        "meta": {},
                        "tainted": false
                    },
                    "deposed": [],
                    "provider": ""
                },
                "null_resource.k8s_cluster": {
                    "type": "null_resource",
                    "depends_on": [],
                    "primary": {
                        "id": "2319156275415367390",
                        "attributes": {
                            "id": "2319156275415367390",
                            "triggers.%": "1",
                            "triggers.name": "us-east-1_jive-microservices-prod-jcx"
                        },
                        "meta": {},
                        "tainted": false
                    },
                    "deposed": [],
                    "provider": ""
                }
            },
            "depends_on": []
        }
    ]
}
