{
    "version": 3,
    "terraform_version": "0.9.2",
    "serial": 15,
    "lineage": "dbf508fc-66cf-43b4-99de-1bba69c7ab4a",
    "modules": [
        {
            "path": [
                "root"
            ],
            "outputs": {},
            "resources": {
                "aws_eip.natgw.0": {
                    "type": "aws_eip",
                    "depends_on": [],
                    "primary": {
                        "id": "eipalloc-9dae19fa",
                        "attributes": {
                            "association_id": "eipassoc-4e473a74",
                            "domain": "vpc",
                            "id": "eipalloc-9dae19fa",
                            "instance": "",
                            "network_interface": "eni-d90e39e3",
                            "private_ip": "10.122.124.4",
                            "public_ip": "52.41.131.171",
                            "vpc": "true"
                        },
                        "meta": {},
                        "tainted": false
                    },
                    "deposed": [],
                    "provider": ""
                },
                "aws_eip.natgw.1": {
                    "type": "aws_eip",
                    "depends_on": [],
                    "primary": {
                        "id": "eipalloc-e23fa6d8",
                        "attributes": {
                            "association_id": "eipassoc-5b473a61",
                            "domain": "vpc",
                            "id": "eipalloc-e23fa6d8",
                            "instance": "",
                            "network_interface": "eni-823a2daa",
                            "private_ip": "10.122.124.173",
                            "public_ip": "52.27.154.38",
                            "vpc": "true"
                        },
                        "meta": {},
                        "tainted": false
                    },
                    "deposed": [],
                    "provider": ""
                },
                "aws_eip.natgw.2": {
                    "type": "aws_eip",
                    "depends_on": [],
                    "primary": {
                        "id": "eipalloc-8f3ea7b5",
                        "attributes": {
                            "association_id": "eipassoc-fa473ac0",
                            "domain": "vpc",
                            "id": "eipalloc-8f3ea7b5",
                            "instance": "",
                            "network_interface": "eni-52185d5e",
                            "private_ip": "10.122.125.47",
                            "public_ip": "52.34.13.205",
                            "vpc": "true"
                        },
                        "meta": {},
                        "tainted": false
                    },
                    "deposed": [],
                    "provider": ""
                },
                "aws_internet_gateway.igw": {
                    "type": "aws_internet_gateway",
                    "depends_on": [
                        "aws_vpc.main"
                    ],
                    "primary": {
                        "id": "igw-3882365c",
                        "attributes": {
                            "id": "igw-3882365c",
                            "tags.%": "5",
                            "tags.Name": "prod-jcx-igw",
                            "tags.account_name": "jive-microservices-prod",
                            "tags.pipeline_phase": "prod-jcx",
                            "tags.region": "us-west-2",
                            "tags.sla": "prod",
                            "vpc_id": "vpc-d1e2f2b5"
                        },
                        "meta": {},
                        "tainted": false
                    },
                    "deposed": [],
                    "provider": ""
                },
                "aws_nat_gateway.natgw.0": {
                    "type": "aws_nat_gateway",
                    "depends_on": [
                        "aws_eip.natgw.*",
                        "aws_internet_gateway.igw",
                        "aws_subnet.public.*"
                    ],
                    "primary": {
                        "id": "nat-0ca3e43cad037dfcf",
                        "attributes": {
                            "allocation_id": "eipalloc-9dae19fa",
                            "id": "nat-0ca3e43cad037dfcf",
                            "network_interface_id": "eni-d90e39e3",
                            "private_ip": "10.122.124.4",
                            "public_ip": "52.41.131.171",
                            "subnet_id": "subnet-d7f4a7a1"
                        },
                        "meta": {},
                        "tainted": false
                    },
                    "deposed": [],
                    "provider": ""
                },
                "aws_nat_gateway.natgw.1": {
                    "type": "aws_nat_gateway",
                    "depends_on": [
                        "aws_eip.natgw.*",
                        "aws_internet_gateway.igw",
                        "aws_subnet.public.*"
                    ],
                    "primary": {
                        "id": "nat-09531716f39d84c93",
                        "attributes": {
                            "allocation_id": "eipalloc-e23fa6d8",
                            "id": "nat-09531716f39d84c93",
                            "network_interface_id": "eni-823a2daa",
                            "private_ip": "10.122.124.173",
                            "public_ip": "52.27.154.38",
                            "subnet_id": "subnet-61ab9305"
                        },
                        "meta": {},
                        "tainted": false
                    },
                    "deposed": [],
                    "provider": ""
                },
                "aws_nat_gateway.natgw.2": {
                    "type": "aws_nat_gateway",
                    "depends_on": [
                        "aws_eip.natgw.*",
                        "aws_internet_gateway.igw",
                        "aws_subnet.public.*"
                    ],
                    "primary": {
                        "id": "nat-09d78334dfcc64dea",
                        "attributes": {
                            "allocation_id": "eipalloc-8f3ea7b5",
                            "id": "nat-09d78334dfcc64dea",
                            "network_interface_id": "eni-52185d5e",
                            "private_ip": "10.122.125.47",
                            "public_ip": "52.34.13.205",
                            "subnet_id": "subnet-437ce81b"
                        },
                        "meta": {},
                        "tainted": false
                    },
                    "deposed": [],
                    "provider": ""
                },
                "aws_route.bastion_natdc.0": {
                    "type": "aws_route",
                    "depends_on": [
                        "aws_route_table.natdc.*",
                        "aws_vpc_peering_connection.infra"
                    ],
                    "primary": {
                        "id": "r-rtb-5eea3a391700601093",
                        "attributes": {
                            "destination_cidr_block": "10.127.36.7/32",
                            "destination_prefix_list_id": "",
                            "egress_only_gateway_id": "",
                            "gateway_id": "",
                            "id": "r-rtb-5eea3a391700601093",
                            "instance_id": "",
                            "instance_owner_id": "",
                            "nat_gateway_id": "",
                            "network_interface_id": "",
                            "origin": "CreateRoute",
                            "route_table_id": "rtb-5eea3a39",
                            "state": "active",
                            "vpc_peering_connection_id": "pcx-6a893003"
                        },
                        "meta": {},
                        "tainted": false
                    },
                    "deposed": [],
                    "provider": ""
                },
                "aws_route.bastion_natdc.1": {
                    "type": "aws_route",
                    "depends_on": [
                        "aws_route_table.natdc.*",
                        "aws_vpc_peering_connection.infra"
                    ],
                    "primary": {
                        "id": "r-rtb-bbc619dd1700601093",
                        "attributes": {
                            "destination_cidr_block": "10.127.36.7/32",
                            "destination_prefix_list_id": "",
                            "egress_only_gateway_id": "",
                            "gateway_id": "",
                            "id": "r-rtb-bbc619dd1700601093",
                            "instance_id": "",
                            "instance_owner_id": "",
                            "nat_gateway_id": "",
                            "network_interface_id": "",
                            "origin": "CreateRoute",
                            "route_table_id": "rtb-bbc619dd",
                            "state": "active",
                            "vpc_peering_connection_id": "pcx-6a893003"
                        },
                        "meta": {},
                        "tainted": false
                    },
                    "deposed": [],
                    "provider": ""
                },
                "aws_route.bastion_natdc.2": {
                    "type": "aws_route",
                    "depends_on": [
                        "aws_route_table.natdc.*",
                        "aws_vpc_peering_connection.infra"
                    ],
                    "primary": {
                        "id": "r-rtb-e7c31c811700601093",
                        "attributes": {
                            "destination_cidr_block": "10.127.36.7/32",
                            "destination_prefix_list_id": "",
                            "egress_only_gateway_id": "",
                            "gateway_id": "",
                            "id": "r-rtb-e7c31c811700601093",
                            "instance_id": "",
                            "instance_owner_id": "",
                            "nat_gateway_id": "",
                            "network_interface_id": "",
                            "origin": "CreateRoute",
                            "route_table_id": "rtb-e7c31c81",
                            "state": "active",
                            "vpc_peering_connection_id": "pcx-6a893003"
                        },
                        "meta": {},
                        "tainted": false
                    },
                    "deposed": [],
                    "provider": ""
                },
                "aws_route.bastion_private": {
                    "type": "aws_route",
                    "depends_on": [
                        "aws_route_table.private",
                        "aws_vpc_peering_connection.infra"
                    ],
                    "primary": {
                        "id": "r-rtb-ace939cb1700601093",
                        "attributes": {
                            "destination_cidr_block": "10.127.36.7/32",
                            "destination_prefix_list_id": "",
                            "egress_only_gateway_id": "",
                            "gateway_id": "",
                            "id": "r-rtb-ace939cb1700601093",
                            "instance_id": "",
                            "instance_owner_id": "",
                            "nat_gateway_id": "",
                            "network_interface_id": "",
                            "origin": "CreateRoute",
                            "route_table_id": "rtb-ace939cb",
                            "state": "active",
                            "vpc_peering_connection_id": "pcx-6a893003"
                        },
                        "meta": {},
                        "tainted": false
                    },
                    "deposed": [],
                    "provider": ""
                },
                "aws_route.bastion_public": {
                    "type": "aws_route",
                    "depends_on": [
                        "aws_route_table.public",
                        "aws_vpc_peering_connection.infra"
                    ],
                    "primary": {
                        "id": "r-rtb-a8e939cf1700601093",
                        "attributes": {
                            "destination_cidr_block": "10.127.36.7/32",
                            "destination_prefix_list_id": "",
                            "egress_only_gateway_id": "",
                            "gateway_id": "",
                            "id": "r-rtb-a8e939cf1700601093",
                            "instance_id": "",
                            "instance_owner_id": "",
                            "nat_gateway_id": "",
                            "network_interface_id": "",
                            "origin": "CreateRoute",
                            "route_table_id": "rtb-a8e939cf",
                            "state": "active",
                            "vpc_peering_connection_id": "pcx-6a893003"
                        },
                        "meta": {},
                        "tainted": false
                    },
                    "deposed": [],
                    "provider": ""
                },
                "aws_route.bikou_vpc_natdc.0": {
                    "type": "aws_route",
                    "depends_on": [
                        "aws_route_table.natdc.*",
                        "aws_vpc_peering_connection.bikou"
                    ],
                    "primary": {
                        "id": "r-rtb-5eea3a394095544594",
                        "attributes": {
                            "destination_cidr_block": "10.121.0.0/16",
                            "destination_prefix_list_id": "",
                            "egress_only_gateway_id": "",
                            "gateway_id": "",
                            "id": "r-rtb-5eea3a394095544594",
                            "instance_id": "",
                            "instance_owner_id": "",
                            "nat_gateway_id": "",
                            "network_interface_id": "",
                            "origin": "CreateRoute",
                            "route_table_id": "rtb-5eea3a39",
                            "state": "blackhole",
                            "vpc_peering_connection_id": "pcx-70078f19"
                        },
                        "meta": {},
                        "tainted": false
                    },
                    "deposed": [],
                    "provider": ""
                },
                "aws_route.bikou_vpc_natdc.1": {
                    "type": "aws_route",
                    "depends_on": [
                        "aws_route_table.natdc.*",
                        "aws_vpc_peering_connection.bikou"
                    ],
                    "primary": {
                        "id": "r-rtb-bbc619dd4095544594",
                        "attributes": {
                            "destination_cidr_block": "10.121.0.0/16",
                            "destination_prefix_list_id": "",
                            "egress_only_gateway_id": "",
                            "gateway_id": "",
                            "id": "r-rtb-bbc619dd4095544594",
                            "instance_id": "",
                            "instance_owner_id": "",
                            "nat_gateway_id": "",
                            "network_interface_id": "",
                            "origin": "CreateRoute",
                            "route_table_id": "rtb-bbc619dd",
                            "state": "blackhole",
                            "vpc_peering_connection_id": "pcx-70078f19"
                        },
                        "meta": {},
                        "tainted": false
                    },
                    "deposed": [],
                    "provider": ""
                },
                "aws_route.bikou_vpc_natdc.2": {
                    "type": "aws_route",
                    "depends_on": [
                        "aws_route_table.natdc.*",
                        "aws_vpc_peering_connection.bikou"
                    ],
                    "primary": {
                        "id": "r-rtb-e7c31c814095544594",
                        "attributes": {
                            "destination_cidr_block": "10.121.0.0/16",
                            "destination_prefix_list_id": "",
                            "egress_only_gateway_id": "",
                            "gateway_id": "",
                            "id": "r-rtb-e7c31c814095544594",
                            "instance_id": "",
                            "instance_owner_id": "",
                            "nat_gateway_id": "",
                            "network_interface_id": "",
                            "origin": "CreateRoute",
                            "route_table_id": "rtb-e7c31c81",
                            "state": "blackhole",
                            "vpc_peering_connection_id": "pcx-70078f19"
                        },
                        "meta": {},
                        "tainted": false
                    },
                    "deposed": [],
                    "provider": ""
                },
                "aws_route.data_brewprod_vpc_natdc.0": {
                    "type": "aws_route",
                    "depends_on": [
                        "aws_route_table.natdc.*",
                        "aws_vpc_peering_connection.data_brewprod"
                    ],
                    "primary": {
                        "id": "r-rtb-5eea3a391953954969",
                        "attributes": {
                            "destination_cidr_block": "10.123.0.0/20",
                            "destination_prefix_list_id": "",
                            "egress_only_gateway_id": "",
                            "gateway_id": "",
                            "id": "r-rtb-5eea3a391953954969",
                            "instance_id": "",
                            "instance_owner_id": "",
                            "nat_gateway_id": "",
                            "network_interface_id": "",
                            "origin": "CreateRoute",
                            "route_table_id": "rtb-5eea3a39",
                            "state": "active",
                            "vpc_peering_connection_id": "pcx-1ef27d77"
                        },
                        "meta": {},
                        "tainted": false
                    },
                    "deposed": [],
                    "provider": ""
                },
                "aws_route.data_brewprod_vpc_natdc.1": {
                    "type": "aws_route",
                    "depends_on": [
                        "aws_route_table.natdc.*",
                        "aws_vpc_peering_connection.data_brewprod"
                    ],
                    "primary": {
                        "id": "r-rtb-bbc619dd1953954969",
                        "attributes": {
                            "destination_cidr_block": "10.123.0.0/20",
                            "destination_prefix_list_id": "",
                            "egress_only_gateway_id": "",
                            "gateway_id": "",
                            "id": "r-rtb-bbc619dd1953954969",
                            "instance_id": "",
                            "instance_owner_id": "",
                            "nat_gateway_id": "",
                            "network_interface_id": "",
                            "origin": "CreateRoute",
                            "route_table_id": "rtb-bbc619dd",
                            "state": "active",
                            "vpc_peering_connection_id": "pcx-1ef27d77"
                        },
                        "meta": {},
                        "tainted": false
                    },
                    "deposed": [],
                    "provider": ""
                },
                "aws_route.data_brewprod_vpc_natdc.2": {
                    "type": "aws_route",
                    "depends_on": [
                        "aws_route_table.natdc.*",
                        "aws_vpc_peering_connection.data_brewprod"
                    ],
                    "primary": {
                        "id": "r-rtb-e7c31c811953954969",
                        "attributes": {
                            "destination_cidr_block": "10.123.0.0/20",
                            "destination_prefix_list_id": "",
                            "egress_only_gateway_id": "",
                            "gateway_id": "",
                            "id": "r-rtb-e7c31c811953954969",
                            "instance_id": "",
                            "instance_owner_id": "",
                            "nat_gateway_id": "",
                            "network_interface_id": "",
                            "origin": "CreateRoute",
                            "route_table_id": "rtb-e7c31c81",
                            "state": "active",
                            "vpc_peering_connection_id": "pcx-1ef27d77"
                        },
                        "meta": {},
                        "tainted": false
                    },
                    "deposed": [],
                    "provider": ""
                },
                "aws_route.data_brewprod_vpc_private": {
                    "type": "aws_route",
                    "depends_on": [
                        "aws_route_table.private",
                        "aws_vpc_peering_connection.data_brewprod"
                    ],
                    "primary": {
                        "id": "r-rtb-ace939cb1953954969",
                        "attributes": {
                            "destination_cidr_block": "10.123.0.0/20",
                            "destination_prefix_list_id": "",
                            "egress_only_gateway_id": "",
                            "gateway_id": "",
                            "id": "r-rtb-ace939cb1953954969",
                            "instance_id": "",
                            "instance_owner_id": "",
                            "nat_gateway_id": "",
                            "network_interface_id": "",
                            "origin": "CreateRoute",
                            "route_table_id": "rtb-ace939cb",
                            "state": "active",
                            "vpc_peering_connection_id": "pcx-1ef27d77"
                        },
                        "meta": {},
                        "tainted": false
                    },
                    "deposed": [],
                    "provider": ""
                },
                "aws_route.data_brewprod_vpc_public": {
                    "type": "aws_route",
                    "depends_on": [
                        "aws_route_table.public",
                        "aws_vpc_peering_connection.data_brewprod"
                    ],
                    "primary": {
                        "id": "r-rtb-a8e939cf1953954969",
                        "attributes": {
                            "destination_cidr_block": "10.123.0.0/20",
                            "destination_prefix_list_id": "",
                            "egress_only_gateway_id": "",
                            "gateway_id": "",
                            "id": "r-rtb-a8e939cf1953954969",
                            "instance_id": "",
                            "instance_owner_id": "",
                            "nat_gateway_id": "",
                            "network_interface_id": "",
                            "origin": "CreateRoute",
                            "route_table_id": "rtb-a8e939cf",
                            "state": "active",
                            "vpc_peering_connection_id": "pcx-1ef27d77"
                        },
                        "meta": {},
                        "tainted": false
                    },
                    "deposed": [],
                    "provider": ""
                },
                "aws_route.data_jcx_prod_vpc_natdc.0": {
                    "type": "aws_route",
                    "depends_on": [
                        "aws_route_table.natdc.*",
                        "aws_vpc_peering_connection.data_jcx_prod"
                    ],
                    "primary": {
                        "id": "r-rtb-5eea3a394127423379",
                        "attributes": {
                            "destination_cidr_block": "10.123.96.0/20",
                            "destination_prefix_list_id": "",
                            "egress_only_gateway_id": "",
                            "gateway_id": "",
                            "id": "r-rtb-5eea3a394127423379",
                            "instance_id": "",
                            "instance_owner_id": "",
                            "nat_gateway_id": "",
                            "network_interface_id": "",
                            "origin": "CreateRoute",
                            "route_table_id": "rtb-5eea3a39",
                            "state": "active",
                            "vpc_peering_connection_id": "pcx-7eea6c17"
                        },
                        "meta": {},
                        "tainted": false
                    },
                    "deposed": [],
                    "provider": ""
                },
                "aws_route.data_jcx_prod_vpc_natdc.1": {
                    "type": "aws_route",
                    "depends_on": [
                        "aws_route_table.natdc.*",
                        "aws_vpc_peering_connection.data_jcx_prod"
                    ],
                    "primary": {
                        "id": "r-rtb-bbc619dd4127423379",
                        "attributes": {
                            "destination_cidr_block": "10.123.96.0/20",
                            "destination_prefix_list_id": "",
                            "egress_only_gateway_id": "",
                            "gateway_id": "",
                            "id": "r-rtb-bbc619dd4127423379",
                            "instance_id": "",
                            "instance_owner_id": "",
                            "nat_gateway_id": "",
                            "network_interface_id": "",
                            "origin": "CreateRoute",
                            "route_table_id": "rtb-bbc619dd",
                            "state": "active",
                            "vpc_peering_connection_id": "pcx-7eea6c17"
                        },
                        "meta": {},
                        "tainted": false
                    },
                    "deposed": [],
                    "provider": ""
                },
                "aws_route.data_jcx_prod_vpc_natdc.2": {
                    "type": "aws_route",
                    "depends_on": [
                        "aws_route_table.natdc.*",
                        "aws_vpc_peering_connection.data_jcx_prod"
                    ],
                    "primary": {
                        "id": "r-rtb-e7c31c814127423379",
                        "attributes": {
                            "destination_cidr_block": "10.123.96.0/20",
                            "destination_prefix_list_id": "",
                            "egress_only_gateway_id": "",
                            "gateway_id": "",
                            "id": "r-rtb-e7c31c814127423379",
                            "instance_id": "",
                            "instance_owner_id": "",
                            "nat_gateway_id": "",
                            "network_interface_id": "",
                            "origin": "CreateRoute",
                            "route_table_id": "rtb-e7c31c81",
                            "state": "active",
                            "vpc_peering_connection_id": "pcx-7eea6c17"
                        },
                        "meta": {},
                        "tainted": false
                    },
                    "deposed": [],
                    "provider": ""
                },
                "aws_route.data_jcx_prod_vpc_private": {
                    "type": "aws_route",
                    "depends_on": [
                        "aws_route_table.private",
                        "aws_vpc_peering_connection.data_jcx_prod"
                    ],
                    "primary": {
                        "id": "r-rtb-ace939cb4127423379",
                        "attributes": {
                            "destination_cidr_block": "10.123.96.0/20",
                            "destination_prefix_list_id": "",
                            "egress_only_gateway_id": "",
                            "gateway_id": "",
                            "id": "r-rtb-ace939cb4127423379",
                            "instance_id": "",
                            "instance_owner_id": "",
                            "nat_gateway_id": "",
                            "network_interface_id": "",
                            "origin": "CreateRoute",
                            "route_table_id": "rtb-ace939cb",
                            "state": "active",
                            "vpc_peering_connection_id": "pcx-7eea6c17"
                        },
                        "meta": {},
                        "tainted": false
                    },
                    "deposed": [],
                    "provider": ""
                },
                "aws_route.data_jcx_prod_vpc_public": {
                    "type": "aws_route",
                    "depends_on": [
                        "aws_route_table.public",
                        "aws_vpc_peering_connection.data_jcx_prod"
                    ],
                    "primary": {
                        "id": "r-rtb-a8e939cf4127423379",
                        "attributes": {
                            "destination_cidr_block": "10.123.96.0/20",
                            "destination_prefix_list_id": "",
                            "egress_only_gateway_id": "",
                            "gateway_id": "",
                            "id": "r-rtb-a8e939cf4127423379",
                            "instance_id": "",
                            "instance_owner_id": "",
                            "nat_gateway_id": "",
                            "network_interface_id": "",
                            "origin": "CreateRoute",
                            "route_table_id": "rtb-a8e939cf",
                            "state": "active",
                            "vpc_peering_connection_id": "pcx-7eea6c17"
                        },
                        "meta": {},
                        "tainted": false
                    },
                    "deposed": [],
                    "provider": ""
                },
                "aws_route.infra_natdc.0": {
                    "type": "aws_route",
                    "depends_on": [
                        "aws_vpc_peering_connection.infra"
                    ],
                    "primary": {
                        "id": "r-rtb-9f83c8fb3789401802",
                        "attributes": {
                            "destination_cidr_block": "10.122.112.0/20",
                            "destination_prefix_list_id": "",
                            "egress_only_gateway_id": "",
                            "gateway_id": "",
                            "id": "r-rtb-9f83c8fb3789401802",
                            "instance_id": "",
                            "instance_owner_id": "",
                            "nat_gateway_id": "",
                            "network_interface_id": "",
                            "origin": "CreateRoute",
                            "route_table_id": "rtb-9f83c8fb",
                            "state": "active",
                            "vpc_peering_connection_id": "pcx-6a893003"
                        },
                        "meta": {},
                        "tainted": false
                    },
                    "deposed": [],
                    "provider": ""
                },
                "aws_route.infra_natdc.1": {
                    "type": "aws_route",
                    "depends_on": [
                        "aws_vpc_peering_connection.infra"
                    ],
                    "primary": {
                        "id": "r-rtb-a0c817c63789401802",
                        "attributes": {
                            "destination_cidr_block": "10.122.112.0/20",
                            "destination_prefix_list_id": "",
                            "egress_only_gateway_id": "",
                            "gateway_id": "",
                            "id": "r-rtb-a0c817c63789401802",
                            "instance_id": "",
                            "instance_owner_id": "",
                            "nat_gateway_id": "",
                            "network_interface_id": "",
                            "origin": "CreateRoute",
                            "route_table_id": "rtb-a0c817c6",
                            "state": "active",
                            "vpc_peering_connection_id": "pcx-6a893003"
                        },
                        "meta": {},
                        "tainted": false
                    },
                    "deposed": [],
                    "provider": ""
                },
                "aws_route.infra_natdc.2": {
                    "type": "aws_route",
                    "depends_on": [
                        "aws_vpc_peering_connection.infra"
                    ],
                    "primary": {
                        "id": "r-rtb-66cb14003789401802",
                        "attributes": {
                            "destination_cidr_block": "10.122.112.0/20",
                            "destination_prefix_list_id": "",
                            "egress_only_gateway_id": "",
                            "gateway_id": "",
                            "id": "r-rtb-66cb14003789401802",
                            "instance_id": "",
                            "instance_owner_id": "",
                            "nat_gateway_id": "",
                            "network_interface_id": "",
                            "origin": "CreateRoute",
                            "route_table_id": "rtb-66cb1400",
                            "state": "active",
                            "vpc_peering_connection_id": "pcx-6a893003"
                        },
                        "meta": {},
                        "tainted": false
                    },
                    "deposed": [],
                    "provider": ""
                },
                "aws_route.infra_private": {
                    "type": "aws_route",
                    "depends_on": [
                        "aws_vpc_peering_connection.infra"
                    ],
                    "primary": {
                        "id": "r-rtb-3f83c85b3789401802",
                        "attributes": {
                            "destination_cidr_block": "10.122.112.0/20",
                            "destination_prefix_list_id": "",
                            "egress_only_gateway_id": "",
                            "gateway_id": "",
                            "id": "r-rtb-3f83c85b3789401802",
                            "instance_id": "",
                            "instance_owner_id": "",
                            "nat_gateway_id": "",
                            "network_interface_id": "",
                            "origin": "CreateRoute",
                            "route_table_id": "rtb-3f83c85b",
                            "state": "active",
                            "vpc_peering_connection_id": "pcx-6a893003"
                        },
                        "meta": {},
                        "tainted": false
                    },
                    "deposed": [],
                    "provider": ""
                },
                "aws_route.infra_public": {
                    "type": "aws_route",
                    "depends_on": [
                        "aws_vpc_peering_connection.infra"
                    ],
                    "primary": {
                        "id": "r-rtb-3b83c85f3789401802",
                        "attributes": {
                            "destination_cidr_block": "10.122.112.0/20",
                            "destination_prefix_list_id": "",
                            "egress_only_gateway_id": "",
                            "gateway_id": "",
                            "id": "r-rtb-3b83c85f3789401802",
                            "instance_id": "",
                            "instance_owner_id": "",
                            "nat_gateway_id": "",
                            "network_interface_id": "",
                            "origin": "CreateRoute",
                            "route_table_id": "rtb-3b83c85f",
                            "state": "active",
                            "vpc_peering_connection_id": "pcx-6a893003"
                        },
                        "meta": {},
                        "tainted": false
                    },
                    "deposed": [],
                    "provider": ""
                },
                "aws_route.microservices_vpc_natdc.0": {
                    "type": "aws_route",
                    "depends_on": [
                        "aws_route_table.natdc.*"
                    ],
                    "primary": {
                        "id": "r-rtb-5eea3a392455901786",
                        "attributes": {
                            "destination_cidr_block": "10.124.96.0/20",
                            "destination_prefix_list_id": "",
                            "egress_only_gateway_id": "",
                            "gateway_id": "",
                            "id": "r-rtb-5eea3a392455901786",
                            "instance_id": "",
                            "instance_owner_id": "",
                            "nat_gateway_id": "",
                            "network_interface_id": "",
                            "origin": "CreateRoute",
                            "route_table_id": "rtb-5eea3a39",
                            "state": "active",
                            "vpc_peering_connection_id": "pcx-3026a159"
                        },
                        "meta": {},
                        "tainted": false
                    },
                    "deposed": [],
                    "provider": ""
                },
                "aws_route.microservices_vpc_natdc.1": {
                    "type": "aws_route",
                    "depends_on": [
                        "aws_route_table.natdc.*"
                    ],
                    "primary": {
                        "id": "r-rtb-bbc619dd2455901786",
                        "attributes": {
                            "destination_cidr_block": "10.124.96.0/20",
                            "destination_prefix_list_id": "",
                            "egress_only_gateway_id": "",
                            "gateway_id": "",
                            "id": "r-rtb-bbc619dd2455901786",
                            "instance_id": "",
                            "instance_owner_id": "",
                            "nat_gateway_id": "",
                            "network_interface_id": "",
                            "origin": "CreateRoute",
                            "route_table_id": "rtb-bbc619dd",
                            "state": "active",
                            "vpc_peering_connection_id": "pcx-3026a159"
                        },
                        "meta": {},
                        "tainted": false
                    },
                    "deposed": [],
                    "provider": ""
                },
                "aws_route.microservices_vpc_natdc.2": {
                    "type": "aws_route",
                    "depends_on": [
                        "aws_route_table.natdc.*"
                    ],
                    "primary": {
                        "id": "r-rtb-e7c31c812455901786",
                        "attributes": {
                            "destination_cidr_block": "10.124.96.0/20",
                            "destination_prefix_list_id": "",
                            "egress_only_gateway_id": "",
                            "gateway_id": "",
                            "id": "r-rtb-e7c31c812455901786",
                            "instance_id": "",
                            "instance_owner_id": "",
                            "nat_gateway_id": "",
                            "network_interface_id": "",
                            "origin": "CreateRoute",
                            "route_table_id": "rtb-e7c31c81",
                            "state": "active",
                            "vpc_peering_connection_id": "pcx-3026a159"
                        },
                        "meta": {},
                        "tainted": false
                    },
                    "deposed": [],
                    "provider": ""
                },
                "aws_route.microservices_vpc_private": {
                    "type": "aws_route",
                    "depends_on": [
                        "aws_route_table.private"
                    ],
                    "primary": {
                        "id": "r-rtb-ace939cb2455901786",
                        "attributes": {
                            "destination_cidr_block": "10.124.96.0/20",
                            "destination_prefix_list_id": "",
                            "egress_only_gateway_id": "",
                            "gateway_id": "",
                            "id": "r-rtb-ace939cb2455901786",
                            "instance_id": "",
                            "instance_owner_id": "",
                            "nat_gateway_id": "",
                            "network_interface_id": "",
                            "origin": "CreateRoute",
                            "route_table_id": "rtb-ace939cb",
                            "state": "active",
                            "vpc_peering_connection_id": "pcx-3026a159"
                        },
                        "meta": {},
                        "tainted": false
                    },
                    "deposed": [],
                    "provider": ""
                },
                "aws_route.microservices_vpc_public": {
                    "type": "aws_route",
                    "depends_on": [
                        "aws_route_table.public"
                    ],
                    "primary": {
                        "id": "r-rtb-a8e939cf2455901786",
                        "attributes": {
                            "destination_cidr_block": "10.124.96.0/20",
                            "destination_prefix_list_id": "",
                            "egress_only_gateway_id": "",
                            "gateway_id": "",
                            "id": "r-rtb-a8e939cf2455901786",
                            "instance_id": "",
                            "instance_owner_id": "",
                            "nat_gateway_id": "",
                            "network_interface_id": "",
                            "origin": "CreateRoute",
                            "route_table_id": "rtb-a8e939cf",
                            "state": "active",
                            "vpc_peering_connection_id": "pcx-3026a159"
                        },
                        "meta": {},
                        "tainted": false
                    },
                    "deposed": [],
                    "provider": ""
                },
                "aws_route.reco_brewprod_vpc_natdc.0": {
                    "type": "aws_route",
                    "depends_on": [
                        "aws_route_table.natdc.*",
                        "aws_vpc_peering_connection.reco_brewprod"
                    ],
                    "primary": {
                        "id": "r-rtb-5eea3a393880337004",
                        "attributes": {
                            "destination_cidr_block": "10.126.48.0/20",
                            "destination_prefix_list_id": "",
                            "egress_only_gateway_id": "",
                            "gateway_id": "",
                            "id": "r-rtb-5eea3a393880337004",
                            "instance_id": "",
                            "instance_owner_id": "",
                            "nat_gateway_id": "",
                            "network_interface_id": "",
                            "origin": "CreateRoute",
                            "route_table_id": "rtb-5eea3a39",
                            "state": "active",
                            "vpc_peering_connection_id": "pcx-27ca444e"
                        },
                        "meta": {},
                        "tainted": false
                    },
                    "deposed": [],
                    "provider": ""
                },
                "aws_route.reco_brewprod_vpc_natdc.1": {
                    "type": "aws_route",
                    "depends_on": [
                        "aws_route_table.natdc.*",
                        "aws_vpc_peering_connection.reco_brewprod"
                    ],
                    "primary": {
                        "id": "r-rtb-bbc619dd3880337004",
                        "attributes": {
                            "destination_cidr_block": "10.126.48.0/20",
                            "destination_prefix_list_id": "",
                            "egress_only_gateway_id": "",
                            "gateway_id": "",
                            "id": "r-rtb-bbc619dd3880337004",
                            "instance_id": "",
                            "instance_owner_id": "",
                            "nat_gateway_id": "",
                            "network_interface_id": "",
                            "origin": "CreateRoute",
                            "route_table_id": "rtb-bbc619dd",
                            "state": "active",
                            "vpc_peering_connection_id": "pcx-27ca444e"
                        },
                        "meta": {},
                        "tainted": false
                    },
                    "deposed": [],
                    "provider": ""
                },
                "aws_route.reco_brewprod_vpc_natdc.2": {
                    "type": "aws_route",
                    "depends_on": [
                        "aws_route_table.natdc.*",
                        "aws_vpc_peering_connection.reco_brewprod"
                    ],
                    "primary": {
                        "id": "r-rtb-e7c31c813880337004",
                        "attributes": {
                            "destination_cidr_block": "10.126.48.0/20",
                            "destination_prefix_list_id": "",
                            "egress_only_gateway_id": "",
                            "gateway_id": "",
                            "id": "r-rtb-e7c31c813880337004",
                            "instance_id": "",
                            "instance_owner_id": "",
                            "nat_gateway_id": "",
                            "network_interface_id": "",
                            "origin": "CreateRoute",
                            "route_table_id": "rtb-e7c31c81",
                            "state": "active",
                            "vpc_peering_connection_id": "pcx-27ca444e"
                        },
                        "meta": {},
                        "tainted": false
                    },
                    "deposed": [],
                    "provider": ""
                },
                "aws_route.reco_brewprod_vpc_private": {
                    "type": "aws_route",
                    "depends_on": [
                        "aws_route_table.private",
                        "aws_vpc_peering_connection.reco_brewprod"
                    ],
                    "primary": {
                        "id": "r-rtb-ace939cb3880337004",
                        "attributes": {
                            "destination_cidr_block": "10.126.48.0/20",
                            "destination_prefix_list_id": "",
                            "egress_only_gateway_id": "",
                            "gateway_id": "",
                            "id": "r-rtb-ace939cb3880337004",
                            "instance_id": "",
                            "instance_owner_id": "",
                            "nat_gateway_id": "",
                            "network_interface_id": "",
                            "origin": "CreateRoute",
                            "route_table_id": "rtb-ace939cb",
                            "state": "active",
                            "vpc_peering_connection_id": "pcx-27ca444e"
                        },
                        "meta": {},
                        "tainted": false
                    },
                    "deposed": [],
                    "provider": ""
                },
                "aws_route.reco_brewprod_vpc_public": {
                    "type": "aws_route",
                    "depends_on": [
                        "aws_route_table.public",
                        "aws_vpc_peering_connection.reco_brewprod"
                    ],
                    "primary": {
                        "id": "r-rtb-a8e939cf3880337004",
                        "attributes": {
                            "destination_cidr_block": "10.126.48.0/20",
                            "destination_prefix_list_id": "",
                            "egress_only_gateway_id": "",
                            "gateway_id": "",
                            "id": "r-rtb-a8e939cf3880337004",
                            "instance_id": "",
                            "instance_owner_id": "",
                            "nat_gateway_id": "",
                            "network_interface_id": "",
                            "origin": "CreateRoute",
                            "route_table_id": "rtb-a8e939cf",
                            "state": "active",
                            "vpc_peering_connection_id": "pcx-27ca444e"
                        },
                        "meta": {},
                        "tainted": false
                    },
                    "deposed": [],
                    "provider": ""
                },
                "aws_route.reco_prod_vpc_natdc.0": {
                    "type": "aws_route",
                    "depends_on": [
                        "aws_route_table.natdc.*",
                        "aws_vpc_peering_connection.reco_prod"
                    ],
                    "primary": {
                        "id": "r-rtb-5eea3a393163832028",
                        "attributes": {
                            "destination_cidr_block": "10.126.96.0/20",
                            "destination_prefix_list_id": "",
                            "egress_only_gateway_id": "",
                            "gateway_id": "",
                            "id": "r-rtb-5eea3a393163832028",
                            "instance_id": "",
                            "instance_owner_id": "",
                            "nat_gateway_id": "",
                            "network_interface_id": "",
                            "origin": "CreateRoute",
                            "route_table_id": "rtb-5eea3a39",
                            "state": "active",
                            "vpc_peering_connection_id": "pcx-95cd43fc"
                        },
                        "meta": {},
                        "tainted": false
                    },
                    "deposed": [],
                    "provider": ""
                },
                "aws_route.reco_prod_vpc_natdc.1": {
                    "type": "aws_route",
                    "depends_on": [
                        "aws_route_table.natdc.*",
                        "aws_vpc_peering_connection.reco_prod"
                    ],
                    "primary": {
                        "id": "r-rtb-bbc619dd3163832028",
                        "attributes": {
                            "destination_cidr_block": "10.126.96.0/20",
                            "destination_prefix_list_id": "",
                            "egress_only_gateway_id": "",
                            "gateway_id": "",
                            "id": "r-rtb-bbc619dd3163832028",
                            "instance_id": "",
                            "instance_owner_id": "",
                            "nat_gateway_id": "",
                            "network_interface_id": "",
                            "origin": "CreateRoute",
                            "route_table_id": "rtb-bbc619dd",
                            "state": "active",
                            "vpc_peering_connection_id": "pcx-95cd43fc"
                        },
                        "meta": {},
                        "tainted": false
                    },
                    "deposed": [],
                    "provider": ""
                },
                "aws_route.reco_prod_vpc_natdc.2": {
                    "type": "aws_route",
                    "depends_on": [
                        "aws_route_table.natdc.*",
                        "aws_vpc_peering_connection.reco_prod"
                    ],
                    "primary": {
                        "id": "r-rtb-e7c31c813163832028",
                        "attributes": {
                            "destination_cidr_block": "10.126.96.0/20",
                            "destination_prefix_list_id": "",
                            "egress_only_gateway_id": "",
                            "gateway_id": "",
                            "id": "r-rtb-e7c31c813163832028",
                            "instance_id": "",
                            "instance_owner_id": "",
                            "nat_gateway_id": "",
                            "network_interface_id": "",
                            "origin": "CreateRoute",
                            "route_table_id": "rtb-e7c31c81",
                            "state": "active",
                            "vpc_peering_connection_id": "pcx-95cd43fc"
                        },
                        "meta": {},
                        "tainted": false
                    },
                    "deposed": [],
                    "provider": ""
                },
                "aws_route.reco_prod_vpc_private": {
                    "type": "aws_route",
                    "depends_on": [
                        "aws_route_table.private",
                        "aws_vpc_peering_connection.reco_prod"
                    ],
                    "primary": {
                        "id": "r-rtb-ace939cb3163832028",
                        "attributes": {
                            "destination_cidr_block": "10.126.96.0/20",
                            "destination_prefix_list_id": "",
                            "egress_only_gateway_id": "",
                            "gateway_id": "",
                            "id": "r-rtb-ace939cb3163832028",
                            "instance_id": "",
                            "instance_owner_id": "",
                            "nat_gateway_id": "",
                            "network_interface_id": "",
                            "origin": "CreateRoute",
                            "route_table_id": "rtb-ace939cb",
                            "state": "active",
                            "vpc_peering_connection_id": "pcx-95cd43fc"
                        },
                        "meta": {},
                        "tainted": false
                    },
                    "deposed": [],
                    "provider": ""
                },
                "aws_route.reco_prod_vpc_public": {
                    "type": "aws_route",
                    "depends_on": [
                        "aws_route_table.public",
                        "aws_vpc_peering_connection.reco_prod"
                    ],
                    "primary": {
                        "id": "r-rtb-a8e939cf3163832028",
                        "attributes": {
                            "destination_cidr_block": "10.126.96.0/20",
                            "destination_prefix_list_id": "",
                            "egress_only_gateway_id": "",
                            "gateway_id": "",
                            "id": "r-rtb-a8e939cf3163832028",
                            "instance_id": "",
                            "instance_owner_id": "",
                            "nat_gateway_id": "",
                            "network_interface_id": "",
                            "origin": "CreateRoute",
                            "route_table_id": "rtb-a8e939cf",
                            "state": "active",
                            "vpc_peering_connection_id": "pcx-95cd43fc"
                        },
                        "meta": {},
                        "tainted": false
                    },
                    "deposed": [],
                    "provider": ""
                },
                "aws_route53_zone_association.route53": {
                    "type": "aws_route53_zone_association",
                    "depends_on": [
                        "aws_vpc.main"
                    ],
                    "primary": {
                        "id": "Z3IWCGZKOXJTEC:vpc-d1e2f2b5",
                        "attributes": {
                            "id": "Z3IWCGZKOXJTEC:vpc-d1e2f2b5",
                            "vpc_id": "vpc-d1e2f2b5",
                            "vpc_region": "us-west-2",
                            "zone_id": "Z3IWCGZKOXJTEC"
                        },
                        "meta": {},
                        "tainted": false
                    },
                    "deposed": [],
                    "provider": ""
                },
                "aws_route_table.natdc.0": {
                    "type": "aws_route_table",
                    "depends_on": [
                        "aws_nat_gateway.natgw",
                        "aws_vpc.main",
                        "aws_vpn_gateway.vgw"
                    ],
                    "primary": {
                        "id": "rtb-5eea3a39",
                        "attributes": {
                            "id": "rtb-5eea3a39",
                            "propagating_vgws.#": "1",
                            "propagating_vgws.3171289728": "vgw-a86db4b6",
                            "route.#": "7",
                            "route.1068378897.cidr_block": "10.126.96.0/20",
                            "route.1068378897.egress_only_gateway_id": "",
                            "route.1068378897.gateway_id": "",
                            "route.1068378897.instance_id": "",
                            "route.1068378897.ipv6_cidr_block": "",
                            "route.1068378897.nat_gateway_id": "",
                            "route.1068378897.network_interface_id": "",
                            "route.1068378897.vpc_peering_connection_id": "pcx-95cd43fc",
                            "route.2218482004.cidr_block": "0.0.0.0/0",
                            "route.2218482004.egress_only_gateway_id": "",
                            "route.2218482004.gateway_id": "",
                            "route.2218482004.instance_id": "",
                            "route.2218482004.ipv6_cidr_block": "",
                            "route.2218482004.nat_gateway_id": "nat-0ca3e43cad037dfcf",
                            "route.2218482004.network_interface_id": "",
                            "route.2218482004.vpc_peering_connection_id": "",
                            "route.2293541418.cidr_block": "10.123.96.0/20",
                            "route.2293541418.egress_only_gateway_id": "",
                            "route.2293541418.gateway_id": "",
                            "route.2293541418.instance_id": "",
                            "route.2293541418.ipv6_cidr_block": "",
                            "route.2293541418.nat_gateway_id": "",
                            "route.2293541418.network_interface_id": "",
                            "route.2293541418.vpc_peering_connection_id": "pcx-7eea6c17",
                            "route.2413666345.cidr_block": "10.123.0.0/20",
                            "route.2413666345.egress_only_gateway_id": "",
                            "route.2413666345.gateway_id": "",
                            "route.2413666345.instance_id": "",
                            "route.2413666345.ipv6_cidr_block": "",
                            "route.2413666345.nat_gateway_id": "",
                            "route.2413666345.network_interface_id": "",
                            "route.2413666345.vpc_peering_connection_id": "pcx-1ef27d77",
                            "route.290571733.cidr_block": "10.127.36.7/32",
                            "route.290571733.egress_only_gateway_id": "",
                            "route.290571733.gateway_id": "",
                            "route.290571733.instance_id": "",
                            "route.290571733.ipv6_cidr_block": "",
                            "route.290571733.nat_gateway_id": "",
                            "route.290571733.network_interface_id": "",
                            "route.290571733.vpc_peering_connection_id": "pcx-6a893003",
                            "route.3008975528.cidr_block": "10.126.48.0/20",
                            "route.3008975528.egress_only_gateway_id": "",
                            "route.3008975528.gateway_id": "",
                            "route.3008975528.instance_id": "",
                            "route.3008975528.ipv6_cidr_block": "",
                            "route.3008975528.nat_gateway_id": "",
                            "route.3008975528.network_interface_id": "",
                            "route.3008975528.vpc_peering_connection_id": "pcx-27ca444e",
                            "route.3534147173.cidr_block": "10.124.96.0/20",
                            "route.3534147173.egress_only_gateway_id": "",
                            "route.3534147173.gateway_id": "",
                            "route.3534147173.instance_id": "",
                            "route.3534147173.ipv6_cidr_block": "",
                            "route.3534147173.nat_gateway_id": "",
                            "route.3534147173.network_interface_id": "",
                            "route.3534147173.vpc_peering_connection_id": "pcx-3026a159",
                            "tags.%": "5",
                            "tags.Name": "prod-jcx-natdc-routetable",
                            "tags.account_name": "jive-microservices-prod",
                            "tags.pipeline_phase": "prod-jcx",
                            "tags.region": "us-west-2",
                            "tags.sla": "prod",
                            "vpc_id": "vpc-d1e2f2b5"
                        },
                        "meta": {},
                        "tainted": false
                    },
                    "deposed": [],
                    "provider": ""
                },
                "aws_route_table.natdc.1": {
                    "type": "aws_route_table",
                    "depends_on": [
                        "aws_nat_gateway.natgw.*",
                        "aws_vpc.main",
                        "aws_vpn_gateway.vgw"
                    ],
                    "primary": {
                        "id": "rtb-bbc619dd",
                        "attributes": {
                            "id": "rtb-bbc619dd",
                            "propagating_vgws.#": "1",
                            "propagating_vgws.3171289728": "vgw-a86db4b6",
                            "route.#": "7",
                            "route.1068378897.cidr_block": "10.126.96.0/20",
                            "route.1068378897.egress_only_gateway_id": "",
                            "route.1068378897.gateway_id": "",
                            "route.1068378897.instance_id": "",
                            "route.1068378897.ipv6_cidr_block": "",
                            "route.1068378897.nat_gateway_id": "",
                            "route.1068378897.network_interface_id": "",
                            "route.1068378897.vpc_peering_connection_id": "pcx-95cd43fc",
                            "route.2293541418.cidr_block": "10.123.96.0/20",
                            "route.2293541418.egress_only_gateway_id": "",
                            "route.2293541418.gateway_id": "",
                            "route.2293541418.instance_id": "",
                            "route.2293541418.ipv6_cidr_block": "",
                            "route.2293541418.nat_gateway_id": "",
                            "route.2293541418.network_interface_id": "",
                            "route.2293541418.vpc_peering_connection_id": "pcx-7eea6c17",
                            "route.2413666345.cidr_block": "10.123.0.0/20",
                            "route.2413666345.egress_only_gateway_id": "",
                            "route.2413666345.gateway_id": "",
                            "route.2413666345.instance_id": "",
                            "route.2413666345.ipv6_cidr_block": "",
                            "route.2413666345.nat_gateway_id": "",
                            "route.2413666345.network_interface_id": "",
                            "route.2413666345.vpc_peering_connection_id": "pcx-1ef27d77",
                            "route.290571733.cidr_block": "10.127.36.7/32",
                            "route.290571733.egress_only_gateway_id": "",
                            "route.290571733.gateway_id": "",
                            "route.290571733.instance_id": "",
                            "route.290571733.ipv6_cidr_block": "",
                            "route.290571733.nat_gateway_id": "",
                            "route.290571733.network_interface_id": "",
                            "route.290571733.vpc_peering_connection_id": "pcx-6a893003",
                            "route.3008975528.cidr_block": "10.126.48.0/20",
                            "route.3008975528.egress_only_gateway_id": "",
                            "route.3008975528.gateway_id": "",
                            "route.3008975528.instance_id": "",
                            "route.3008975528.ipv6_cidr_block": "",
                            "route.3008975528.nat_gateway_id": "",
                            "route.3008975528.network_interface_id": "",
                            "route.3008975528.vpc_peering_connection_id": "pcx-27ca444e",
                            "route.3534147173.cidr_block": "10.124.96.0/20",
                            "route.3534147173.egress_only_gateway_id": "",
                            "route.3534147173.gateway_id": "",
                            "route.3534147173.instance_id": "",
                            "route.3534147173.ipv6_cidr_block": "",
                            "route.3534147173.nat_gateway_id": "",
                            "route.3534147173.network_interface_id": "",
                            "route.3534147173.vpc_peering_connection_id": "pcx-3026a159",
                            "route.726639654.cidr_block": "0.0.0.0/0",
                            "route.726639654.egress_only_gateway_id": "",
                            "route.726639654.gateway_id": "",
                            "route.726639654.instance_id": "",
                            "route.726639654.ipv6_cidr_block": "",
                            "route.726639654.nat_gateway_id": "nat-09531716f39d84c93",
                            "route.726639654.network_interface_id": "",
                            "route.726639654.vpc_peering_connection_id": "",
                            "tags.%": "5",
                            "tags.Name": "prod-jcx-natdc-routetable",
                            "tags.account_name": "jive-microservices-prod",
                            "tags.pipeline_phase": "prod-jcx",
                            "tags.region": "us-west-2",
                            "tags.sla": "prod",
                            "vpc_id": "vpc-d1e2f2b5"
                        },
                        "meta": {},
                        "tainted": false
                    },
                    "deposed": [],
                    "provider": ""
                },
                "aws_route_table.natdc.2": {
                    "type": "aws_route_table",
                    "depends_on": [
                        "aws_nat_gateway.natgw.*",
                        "aws_vpc.main",
                        "aws_vpn_gateway.vgw"
                    ],
                    "primary": {
                        "id": "rtb-e7c31c81",
                        "attributes": {
                            "id": "rtb-e7c31c81",
                            "propagating_vgws.#": "1",
                            "propagating_vgws.3171289728": "vgw-a86db4b6",
                            "route.#": "7",
                            "route.1068378897.cidr_block": "10.126.96.0/20",
                            "route.1068378897.egress_only_gateway_id": "",
                            "route.1068378897.gateway_id": "",
                            "route.1068378897.instance_id": "",
                            "route.1068378897.ipv6_cidr_block": "",
                            "route.1068378897.nat_gateway_id": "",
                            "route.1068378897.network_interface_id": "",
                            "route.1068378897.vpc_peering_connection_id": "pcx-95cd43fc",
                            "route.1323520243.cidr_block": "0.0.0.0/0",
                            "route.1323520243.egress_only_gateway_id": "",
                            "route.1323520243.gateway_id": "",
                            "route.1323520243.instance_id": "",
                            "route.1323520243.ipv6_cidr_block": "",
                            "route.1323520243.nat_gateway_id": "nat-09d78334dfcc64dea",
                            "route.1323520243.network_interface_id": "",
                            "route.1323520243.vpc_peering_connection_id": "",
                            "route.2293541418.cidr_block": "10.123.96.0/20",
                            "route.2293541418.egress_only_gateway_id": "",
                            "route.2293541418.gateway_id": "",
                            "route.2293541418.instance_id": "",
                            "route.2293541418.ipv6_cidr_block": "",
                            "route.2293541418.nat_gateway_id": "",
                            "route.2293541418.network_interface_id": "",
                            "route.2293541418.vpc_peering_connection_id": "pcx-7eea6c17",
                            "route.2413666345.cidr_block": "10.123.0.0/20",
                            "route.2413666345.egress_only_gateway_id": "",
                            "route.2413666345.gateway_id": "",
                            "route.2413666345.instance_id": "",
                            "route.2413666345.ipv6_cidr_block": "",
                            "route.2413666345.nat_gateway_id": "",
                            "route.2413666345.network_interface_id": "",
                            "route.2413666345.vpc_peering_connection_id": "pcx-1ef27d77",
                            "route.290571733.cidr_block": "10.127.36.7/32",
                            "route.290571733.egress_only_gateway_id": "",
                            "route.290571733.gateway_id": "",
                            "route.290571733.instance_id": "",
                            "route.290571733.ipv6_cidr_block": "",
                            "route.290571733.nat_gateway_id": "",
                            "route.290571733.network_interface_id": "",
                            "route.290571733.vpc_peering_connection_id": "pcx-6a893003",
                            "route.3008975528.cidr_block": "10.126.48.0/20",
                            "route.3008975528.egress_only_gateway_id": "",
                            "route.3008975528.gateway_id": "",
                            "route.3008975528.instance_id": "",
                            "route.3008975528.ipv6_cidr_block": "",
                            "route.3008975528.nat_gateway_id": "",
                            "route.3008975528.network_interface_id": "",
                            "route.3008975528.vpc_peering_connection_id": "pcx-27ca444e",
                            "route.3534147173.cidr_block": "10.124.96.0/20",
                            "route.3534147173.egress_only_gateway_id": "",
                            "route.3534147173.gateway_id": "",
                            "route.3534147173.instance_id": "",
                            "route.3534147173.ipv6_cidr_block": "",
                            "route.3534147173.nat_gateway_id": "",
                            "route.3534147173.network_interface_id": "",
                            "route.3534147173.vpc_peering_connection_id": "pcx-3026a159",
                            "tags.%": "5",
                            "tags.Name": "prod-jcx-natdc-routetable",
                            "tags.account_name": "jive-microservices-prod",
                            "tags.pipeline_phase": "prod-jcx",
                            "tags.region": "us-west-2",
                            "tags.sla": "prod",
                            "vpc_id": "vpc-d1e2f2b5"
                        },
                        "meta": {},
                        "tainted": false
                    },
                    "deposed": [],
                    "provider": ""
                },
                "aws_route_table.private": {
                    "type": "aws_route_table",
                    "depends_on": [
                        "aws_vpc.main"
                    ],
                    "primary": {
                        "id": "rtb-ace939cb",
                        "attributes": {
                            "id": "rtb-ace939cb",
                            "propagating_vgws.#": "0",
                            "route.#": "6",
                            "route.1068378897.cidr_block": "10.126.96.0/20",
                            "route.1068378897.egress_only_gateway_id": "",
                            "route.1068378897.gateway_id": "",
                            "route.1068378897.instance_id": "",
                            "route.1068378897.ipv6_cidr_block": "",
                            "route.1068378897.nat_gateway_id": "",
                            "route.1068378897.network_interface_id": "",
                            "route.1068378897.vpc_peering_connection_id": "pcx-95cd43fc",
                            "route.2293541418.cidr_block": "10.123.96.0/20",
                            "route.2293541418.egress_only_gateway_id": "",
                            "route.2293541418.gateway_id": "",
                            "route.2293541418.instance_id": "",
                            "route.2293541418.ipv6_cidr_block": "",
                            "route.2293541418.nat_gateway_id": "",
                            "route.2293541418.network_interface_id": "",
                            "route.2293541418.vpc_peering_connection_id": "pcx-7eea6c17",
                            "route.2413666345.cidr_block": "10.123.0.0/20",
                            "route.2413666345.egress_only_gateway_id": "",
                            "route.2413666345.gateway_id": "",
                            "route.2413666345.instance_id": "",
                            "route.2413666345.ipv6_cidr_block": "",
                            "route.2413666345.nat_gateway_id": "",
                            "route.2413666345.network_interface_id": "",
                            "route.2413666345.vpc_peering_connection_id": "pcx-1ef27d77",
                            "route.290571733.cidr_block": "10.127.36.7/32",
                            "route.290571733.egress_only_gateway_id": "",
                            "route.290571733.gateway_id": "",
                            "route.290571733.instance_id": "",
                            "route.290571733.ipv6_cidr_block": "",
                            "route.290571733.nat_gateway_id": "",
                            "route.290571733.network_interface_id": "",
                            "route.290571733.vpc_peering_connection_id": "pcx-6a893003",
                            "route.3008975528.cidr_block": "10.126.48.0/20",
                            "route.3008975528.egress_only_gateway_id": "",
                            "route.3008975528.gateway_id": "",
                            "route.3008975528.instance_id": "",
                            "route.3008975528.ipv6_cidr_block": "",
                            "route.3008975528.nat_gateway_id": "",
                            "route.3008975528.network_interface_id": "",
                            "route.3008975528.vpc_peering_connection_id": "pcx-27ca444e",
                            "route.3534147173.cidr_block": "10.124.96.0/20",
                            "route.3534147173.egress_only_gateway_id": "",
                            "route.3534147173.gateway_id": "",
                            "route.3534147173.instance_id": "",
                            "route.3534147173.ipv6_cidr_block": "",
                            "route.3534147173.nat_gateway_id": "",
                            "route.3534147173.network_interface_id": "",
                            "route.3534147173.vpc_peering_connection_id": "pcx-3026a159",
                            "tags.%": "5",
                            "tags.Name": "prod-jcx-private-routetable",
                            "tags.account_name": "jive-microservices-prod",
                            "tags.pipeline_phase": "prod-jcx",
                            "tags.region": "us-west-2",
                            "tags.sla": "prod",
                            "vpc_id": "vpc-d1e2f2b5"
                        },
                        "meta": {},
                        "tainted": false
                    },
                    "deposed": [],
                    "provider": ""
                },
                "aws_route_table.public": {
                    "type": "aws_route_table",
                    "depends_on": [
                        "aws_internet_gateway.igw",
                        "aws_vpc.main"
                    ],
                    "primary": {
                        "id": "rtb-a8e939cf",
                        "attributes": {
                            "id": "rtb-a8e939cf",
                            "propagating_vgws.#": "0",
                            "route.#": "7",
                            "route.1068378897.cidr_block": "10.126.96.0/20",
                            "route.1068378897.egress_only_gateway_id": "",
                            "route.1068378897.gateway_id": "",
                            "route.1068378897.instance_id": "",
                            "route.1068378897.ipv6_cidr_block": "",
                            "route.1068378897.nat_gateway_id": "",
                            "route.1068378897.network_interface_id": "",
                            "route.1068378897.vpc_peering_connection_id": "pcx-95cd43fc",
                            "route.2293541418.cidr_block": "10.123.96.0/20",
                            "route.2293541418.egress_only_gateway_id": "",
                            "route.2293541418.gateway_id": "",
                            "route.2293541418.instance_id": "",
                            "route.2293541418.ipv6_cidr_block": "",
                            "route.2293541418.nat_gateway_id": "",
                            "route.2293541418.network_interface_id": "",
                            "route.2293541418.vpc_peering_connection_id": "pcx-7eea6c17",
                            "route.2413666345.cidr_block": "10.123.0.0/20",
                            "route.2413666345.egress_only_gateway_id": "",
                            "route.2413666345.gateway_id": "",
                            "route.2413666345.instance_id": "",
                            "route.2413666345.ipv6_cidr_block": "",
                            "route.2413666345.nat_gateway_id": "",
                            "route.2413666345.network_interface_id": "",
                            "route.2413666345.vpc_peering_connection_id": "pcx-1ef27d77",
                            "route.290571733.cidr_block": "10.127.36.7/32",
                            "route.290571733.egress_only_gateway_id": "",
                            "route.290571733.gateway_id": "",
                            "route.290571733.instance_id": "",
                            "route.290571733.ipv6_cidr_block": "",
                            "route.290571733.nat_gateway_id": "",
                            "route.290571733.network_interface_id": "",
                            "route.290571733.vpc_peering_connection_id": "pcx-6a893003",
                            "route.3008975528.cidr_block": "10.126.48.0/20",
                            "route.3008975528.egress_only_gateway_id": "",
                            "route.3008975528.gateway_id": "",
                            "route.3008975528.instance_id": "",
                            "route.3008975528.ipv6_cidr_block": "",
                            "route.3008975528.nat_gateway_id": "",
                            "route.3008975528.network_interface_id": "",
                            "route.3008975528.vpc_peering_connection_id": "pcx-27ca444e",
                            "route.3534147173.cidr_block": "10.124.96.0/20",
                            "route.3534147173.egress_only_gateway_id": "",
                            "route.3534147173.gateway_id": "",
                            "route.3534147173.instance_id": "",
                            "route.3534147173.ipv6_cidr_block": "",
                            "route.3534147173.nat_gateway_id": "",
                            "route.3534147173.network_interface_id": "",
                            "route.3534147173.vpc_peering_connection_id": "pcx-3026a159",
                            "route.3680715458.cidr_block": "0.0.0.0/0",
                            "route.3680715458.egress_only_gateway_id": "",
                            "route.3680715458.gateway_id": "igw-3882365c",
                            "route.3680715458.instance_id": "",
                            "route.3680715458.ipv6_cidr_block": "",
                            "route.3680715458.nat_gateway_id": "",
                            "route.3680715458.network_interface_id": "",
                            "route.3680715458.vpc_peering_connection_id": "",
                            "tags.%": "6",
                            "tags.KubernetesCluster": "us-west-2_jive-microservices-prod-jcx",
                            "tags.Name": "prod-jcx-public-routetable",
                            "tags.account_name": "jive-microservices-prod",
                            "tags.pipeline_phase": "prod-jcx",
                            "tags.region": "us-west-2",
                            "tags.sla": "prod",
                            "vpc_id": "vpc-d1e2f2b5"
                        },
                        "meta": {},
                        "tainted": false
                    },
                    "deposed": [],
                    "provider": ""
                },
                "aws_route_table_association.natdc.0": {
                    "type": "aws_route_table_association",
                    "depends_on": [
                        "aws_route_table.natdc.*",
                        "aws_subnet.natdc.*"
                    ],
                    "primary": {
                        "id": "rtbassoc-ae3f06c9",
                        "attributes": {
                            "id": "rtbassoc-ae3f06c9",
                            "route_table_id": "rtb-5eea3a39",
                            "subnet_id": "subnet-62ab9306"
                        },
                        "meta": {},
                        "tainted": false
                    },
                    "deposed": [],
                    "provider": ""
                },
                "aws_route_table_association.natdc.1": {
                    "type": "aws_route_table_association",
                    "depends_on": [
                        "aws_route_table.natdc.*",
                        "aws_subnet.natdc.*"
                    ],
                    "primary": {
                        "id": "rtbassoc-8ef03bf7",
                        "attributes": {
                            "id": "rtbassoc-8ef03bf7",
                            "route_table_id": "rtb-bbc619dd",
                            "subnet_id": "subnet-407ce818"
                        },
                        "meta": {},
                        "tainted": false
                    },
                    "deposed": [],
                    "provider": ""
                },
                "aws_route_table_association.natdc.2": {
                    "type": "aws_route_table_association",
                    "depends_on": [
                        "aws_route_table.natdc.*",
                        "aws_subnet.natdc.*"
                    ],
                    "primary": {
                        "id": "rtbassoc-dcf03ba5",
                        "attributes": {
                            "id": "rtbassoc-dcf03ba5",
                            "route_table_id": "rtb-e7c31c81",
                            "subnet_id": "subnet-eaf4a79c"
                        },
                        "meta": {},
                        "tainted": false
                    },
                    "deposed": [],
                    "provider": ""
                },
                "aws_route_table_association.private.0": {
                    "type": "aws_route_table_association",
                    "depends_on": [
                        "aws_route_table.private",
                        "aws_subnet.private"
                    ],
                    "primary": {
                        "id": "rtbassoc-2b3f064c",
                        "attributes": {
                            "id": "rtbassoc-2b3f064c",
                            "route_table_id": "rtb-ace939cb",
                            "subnet_id": "subnet-ebf4a79d"
                        },
                        "meta": {},
                        "tainted": false
                    },
                    "deposed": [],
                    "provider": ""
                },
                "aws_route_table_association.private.1": {
                    "type": "aws_route_table_association",
                    "depends_on": [
                        "aws_route_table.private",
                        "aws_subnet.private"
                    ],
                    "primary": {
                        "id": "rtbassoc-2a3f064d",
                        "attributes": {
                            "id": "rtbassoc-2a3f064d",
                            "route_table_id": "rtb-ace939cb",
                            "subnet_id": "subnet-6cab9308"
                        },
                        "meta": {},
                        "tainted": false
                    },
                    "deposed": [],
                    "provider": ""
                },
                "aws_route_table_association.private.2": {
                    "type": "aws_route_table_association",
                    "depends_on": [
                        "aws_route_table.private",
                        "aws_subnet.private"
                    ],
                    "primary": {
                        "id": "rtbassoc-293f064e",
                        "attributes": {
                            "id": "rtbassoc-293f064e",
                            "route_table_id": "rtb-ace939cb",
                            "subnet_id": "subnet-4f7ce817"
                        },
                        "meta": {},
                        "tainted": false
                    },
                    "deposed": [],
                    "provider": ""
                },
                "aws_route_table_association.public.0": {
                    "type": "aws_route_table_association",
                    "depends_on": [
                        "aws_route_table.public",
                        "aws_subnet.public"
                    ],
                    "primary": {
                        "id": "rtbassoc-333f0654",
                        "attributes": {
                            "id": "rtbassoc-333f0654",
                            "route_table_id": "rtb-a8e939cf",
                            "subnet_id": "subnet-d7f4a7a1"
                        },
                        "meta": {},
                        "tainted": false
                    },
                    "deposed": [],
                    "provider": ""
                },
                "aws_route_table_association.public.1": {
                    "type": "aws_route_table_association",
                    "depends_on": [
                        "aws_route_table.public",
                        "aws_subnet.public"
                    ],
                    "primary": {
                        "id": "rtbassoc-353f0652",
                        "attributes": {
                            "id": "rtbassoc-353f0652",
                            "route_table_id": "rtb-a8e939cf",
                            "subnet_id": "subnet-61ab9305"
                        },
                        "meta": {},
                        "tainted": false
                    },
                    "deposed": [],
                    "provider": ""
                },
                "aws_route_table_association.public.2": {
                    "type": "aws_route_table_association",
                    "depends_on": [
                        "aws_route_table.public",
                        "aws_subnet.public"
                    ],
                    "primary": {
                        "id": "rtbassoc-343f0653",
                        "attributes": {
                            "id": "rtbassoc-343f0653",
                            "route_table_id": "rtb-a8e939cf",
                            "subnet_id": "subnet-437ce81b"
                        },
                        "meta": {},
                        "tainted": false
                    },
                    "deposed": [],
                    "provider": ""
                },
                "aws_security_group.admin_instance": {
                    "type": "aws_security_group",
                    "depends_on": [
                        "aws_vpc.main"
                    ],
                    "primary": {
                        "id": "sg-d28729ab",
                        "attributes": {
                            "description": "Admin instances for the VPC",
                            "egress.#": "0",
                            "id": "sg-d28729ab",
                            "ingress.#": "0",
                            "name": "prod-jcx-admin-instance",
                            "owner_id": "663559125979",
                            "tags.%": "5",
                            "tags.Name": "prod-jcx-admin-instance",
                            "tags.account_name": "jive-microservices-prod",
                            "tags.pipeline_phase": "prod-jcx",
                            "tags.region": "us-west-2",
                            "tags.sla": "prod",
                            "vpc_id": "vpc-d1e2f2b5"
                        },
                        "meta": {},
                        "tainted": false
                    },
                    "deposed": [],
                    "provider": ""
                },
                "aws_security_group.env_instance": {
                    "type": "aws_security_group",
                    "depends_on": [
                        "aws_security_group.admin_instance",
                        "aws_vpc.main"
                    ],
                    "primary": {
                        "id": "sg-cf8729b6",
                        "attributes": {
                            "description": "All instances within the evironment",
                            "egress.#": "1",
                            "egress.482069346.cidr_blocks.#": "1",
                            "egress.482069346.cidr_blocks.0": "0.0.0.0/0",
                            "egress.482069346.from_port": "0",
                            "egress.482069346.ipv6_cidr_blocks.#": "0",
                            "egress.482069346.prefix_list_ids.#": "0",
                            "egress.482069346.protocol": "-1",
                            "egress.482069346.security_groups.#": "0",
                            "egress.482069346.self": "false",
                            "egress.482069346.to_port": "0",
                            "id": "sg-cf8729b6",
                            "ingress.#": "4",
                            "ingress.1113398251.cidr_blocks.#": "0",
                            "ingress.1113398251.from_port": "8",
                            "ingress.1113398251.ipv6_cidr_blocks.#": "0",
                            "ingress.1113398251.protocol": "icmp",
                            "ingress.1113398251.security_groups.#": "1",
                            "ingress.1113398251.security_groups.1920315432": "sg-d28729ab",
                            "ingress.1113398251.self": "false",
                            "ingress.1113398251.to_port": "0",
                            "ingress.179083333.cidr_blocks.#": "1",
                            "ingress.179083333.cidr_blocks.0": "10.0.0.0/8",
                            "ingress.179083333.from_port": "22",
                            "ingress.179083333.ipv6_cidr_blocks.#": "0",
                            "ingress.179083333.protocol": "tcp",
                            "ingress.179083333.security_groups.#": "0",
                            "ingress.179083333.self": "false",
                            "ingress.179083333.to_port": "22",
                            "ingress.3280021429.cidr_blocks.#": "1",
                            "ingress.3280021429.cidr_blocks.0": "10.0.0.0/8",
                            "ingress.3280021429.from_port": "8",
                            "ingress.3280021429.ipv6_cidr_blocks.#": "0",
                            "ingress.3280021429.protocol": "icmp",
                            "ingress.3280021429.security_groups.#": "0",
                            "ingress.3280021429.self": "false",
                            "ingress.3280021429.to_port": "0",
                            "ingress.4280927304.cidr_blocks.#": "0",
                            "ingress.4280927304.from_port": "22",
                            "ingress.4280927304.ipv6_cidr_blocks.#": "0",
                            "ingress.4280927304.protocol": "tcp",
                            "ingress.4280927304.security_groups.#": "1",
                            "ingress.4280927304.security_groups.1920315432": "sg-d28729ab",
                            "ingress.4280927304.self": "false",
                            "ingress.4280927304.to_port": "22",
                            "name": "prod-jcx-instance",
                            "owner_id": "663559125979",
                            "tags.%": "5",
                            "tags.Name": "prod-jcx-instance",
                            "tags.account_name": "jive-microservices-prod",
                            "tags.pipeline_phase": "prod-jcx",
                            "tags.region": "us-west-2",
                            "tags.sla": "prod",
                            "vpc_id": "vpc-d1e2f2b5"
                        },
                        "meta": {},
                        "tainted": false
                    },
                    "deposed": [],
                    "provider": ""
                },
                "aws_security_group.jcx-rds": {
                    "type": "aws_security_group",
                    "depends_on": [],
                    "primary": {
                        "id": "sg-c67eb7be",
                        "attributes": {
                            "description": "RDS DB access for JCX.",
                            "egress.#": "0",
                            "id": "sg-c67eb7be",
                            "ingress.#": "1",
                            "ingress.3904194474.cidr_blocks.#": "1",
                            "ingress.3904194474.cidr_blocks.0": "10.122.112.0/20",
                            "ingress.3904194474.from_port": "5432",
                            "ingress.3904194474.ipv6_cidr_blocks.#": "0",
                            "ingress.3904194474.protocol": "tcp",
                            "ingress.3904194474.security_groups.#": "0",
                            "ingress.3904194474.self": "false",
                            "ingress.3904194474.to_port": "5432",
                            "name": "prod-jcx-rds",
                            "owner_id": "663559125979",
                            "tags.%": "7",
                            "tags.Name": "prod-jcx-",
                            "tags.account_name": "jive-microservices-prod",
                            "tags.jive_service": "microservices",
                            "tags.pipeline_phase": "prod-jcx",
                            "tags.region": "us-west-2",
                            "tags.service_component": "microservices-rds",
                            "tags.sla": "prod",
                            "vpc_id": "vpc-b04e2bd4"
                        },
                        "meta": {},
                        "tainted": false
                    },
                    "deposed": [],
                    "provider": ""
                },
                "aws_security_group.natgw_instance": {
                    "type": "aws_security_group",
                    "depends_on": [
                        "aws_security_group.env_instance",
                        "aws_vpc.main"
                    ],
                    "primary": {
                        "id": "sg-c78729be",
                        "attributes": {
                            "description": "Members of this SG are allowed to send any type of traffic to the NAT Box.",
                            "egress.#": "0",
                            "id": "sg-c78729be",
                            "ingress.#": "1",
                            "ingress.3589195890.cidr_blocks.#": "0",
                            "ingress.3589195890.from_port": "0",
                            "ingress.3589195890.ipv6_cidr_blocks.#": "0",
                            "ingress.3589195890.protocol": "-1",
                            "ingress.3589195890.security_groups.#": "1",
                            "ingress.3589195890.security_groups.3892425403": "sg-cf8729b6",
                            "ingress.3589195890.self": "false",
                            "ingress.3589195890.to_port": "0",
                            "name": "prod-jcx-natgw-instance",
                            "owner_id": "663559125979",
                            "tags.%": "5",
                            "tags.Name": "prod-jcx-natgw-instance",
                            "tags.account_name": "jive-microservices-prod",
                            "tags.pipeline_phase": "prod-jcx",
                            "tags.region": "us-west-2",
                            "tags.sla": "prod",
                            "vpc_id": "vpc-d1e2f2b5"
                        },
                        "meta": {},
                        "tainted": false
                    },
                    "deposed": [],
                    "provider": ""
                },
                "aws_subnet.natdc.0": {
                    "type": "aws_subnet",
                    "depends_on": [
                        "aws_vpc.main"
                    ],
                    "primary": {
                        "id": "subnet-eaf4a79c",
                        "attributes": {
                            "assign_ipv6_address_on_creation": "false",
                            "availability_zone": "us-west-2a",
                            "cidr_block": "10.122.112.0/22",
                            "id": "subnet-eaf4a79c",
                            "map_public_ip_on_launch": "false",
                            "tags.%": "7",
                            "tags.KubernetesCluster": "us-west-2_jive-microservices-prod-jcx",
                            "tags.Name": "prod-jcx-natdc-subnet",
                            "tags.account_name": "jive-microservices-prod",
                            "tags.kubernetes.io/role/internal-elb": "us-west-2_jive-microservices-prod-jcx",
                            "tags.pipeline_phase": "prod-jcx",
                            "tags.region": "us-west-2",
                            "tags.sla": "prod",
                            "vpc_id": "vpc-d1e2f2b5"
                        },
                        "meta": {},
                        "tainted": false
                    },
                    "deposed": [],
                    "provider": ""
                },
                "aws_subnet.natdc.1": {
                    "type": "aws_subnet",
                    "depends_on": [
                        "aws_vpc.main"
                    ],
                    "primary": {
                        "id": "subnet-62ab9306",
                        "attributes": {
                            "assign_ipv6_address_on_creation": "false",
                            "availability_zone": "us-west-2b",
                            "cidr_block": "10.122.116.0/22",
                            "id": "subnet-62ab9306",
                            "map_public_ip_on_launch": "false",
                            "tags.%": "7",
                            "tags.KubernetesCluster": "us-west-2_jive-microservices-prod-jcx",
                            "tags.Name": "prod-jcx-natdc-subnet",
                            "tags.account_name": "jive-microservices-prod",
                            "tags.kubernetes.io/role/internal-elb": "us-west-2_jive-microservices-prod-jcx",
                            "tags.pipeline_phase": "prod-jcx",
                            "tags.region": "us-west-2",
                            "tags.sla": "prod",
                            "vpc_id": "vpc-d1e2f2b5"
                        },
                        "meta": {},
                        "tainted": false
                    },
                    "deposed": [],
                    "provider": ""
                },
                "aws_subnet.natdc.2": {
                    "type": "aws_subnet",
                    "depends_on": [
                        "aws_vpc.main"
                    ],
                    "primary": {
                        "id": "subnet-407ce818",
                        "attributes": {
                            "assign_ipv6_address_on_creation": "false",
                            "availability_zone": "us-west-2c",
                            "cidr_block": "10.122.120.0/22",
                            "id": "subnet-407ce818",
                            "map_public_ip_on_launch": "false",
                            "tags.%": "7",
                            "tags.KubernetesCluster": "us-west-2_jive-microservices-prod-jcx",
                            "tags.Name": "prod-jcx-natdc-subnet",
                            "tags.account_name": "jive-microservices-prod",
                            "tags.kubernetes.io/role/internal-elb": "us-west-2_jive-microservices-prod-jcx",
                            "tags.pipeline_phase": "prod-jcx",
                            "tags.region": "us-west-2",
                            "tags.sla": "prod",
                            "vpc_id": "vpc-d1e2f2b5"
                        },
                        "meta": {},
                        "tainted": false
                    },
                    "deposed": [],
                    "provider": ""
                },
                "aws_subnet.private.0": {
                    "type": "aws_subnet",
                    "depends_on": [
                        "aws_vpc.main"
                    ],
                    "primary": {
                        "id": "subnet-ebf4a79d",
                        "attributes": {
                            "assign_ipv6_address_on_creation": "false",
                            "availability_zone": "us-west-2a",
                            "cidr_block": "10.122.125.128/25",
                            "id": "subnet-ebf4a79d",
                            "map_public_ip_on_launch": "false",
                            "tags.%": "5",
                            "tags.Name": "prod-jcx-private-subnet",
                            "tags.account_name": "jive-microservices-prod",
                            "tags.pipeline_phase": "prod-jcx",
                            "tags.region": "us-west-2",
                            "tags.sla": "prod",
                            "vpc_id": "vpc-d1e2f2b5"
                        },
                        "meta": {},
                        "tainted": false
                    },
                    "deposed": [],
                    "provider": ""
                },
                "aws_subnet.private.1": {
                    "type": "aws_subnet",
                    "depends_on": [
                        "aws_vpc.main"
                    ],
                    "primary": {
                        "id": "subnet-6cab9308",
                        "attributes": {
                            "assign_ipv6_address_on_creation": "false",
                            "availability_zone": "us-west-2b",
                            "cidr_block": "10.122.126.0/25",
                            "id": "subnet-6cab9308",
                            "map_public_ip_on_launch": "false",
                            "tags.%": "5",
                            "tags.Name": "prod-jcx-private-subnet",
                            "tags.account_name": "jive-microservices-prod",
                            "tags.pipeline_phase": "prod-jcx",
                            "tags.region": "us-west-2",
                            "tags.sla": "prod",
                            "vpc_id": "vpc-d1e2f2b5"
                        },
                        "meta": {},
                        "tainted": false
                    },
                    "deposed": [],
                    "provider": ""
                },
                "aws_subnet.private.2": {
                    "type": "aws_subnet",
                    "depends_on": [
                        "aws_vpc.main"
                    ],
                    "primary": {
                        "id": "subnet-4f7ce817",
                        "attributes": {
                            "assign_ipv6_address_on_creation": "false",
                            "availability_zone": "us-west-2c",
                            "cidr_block": "10.122.126.128/25",
                            "id": "subnet-4f7ce817",
                            "map_public_ip_on_launch": "false",
                            "tags.%": "5",
                            "tags.Name": "prod-jcx-private-subnet",
                            "tags.account_name": "jive-microservices-prod",
                            "tags.pipeline_phase": "prod-jcx",
                            "tags.region": "us-west-2",
                            "tags.sla": "prod",
                            "vpc_id": "vpc-d1e2f2b5"
                        },
                        "meta": {},
                        "tainted": false
                    },
                    "deposed": [],
                    "provider": ""
                },
                "aws_subnet.public.0": {
                    "type": "aws_subnet",
                    "depends_on": [
                        "aws_vpc.main"
                    ],
                    "primary": {
                        "id": "subnet-d7f4a7a1",
                        "attributes": {
                            "assign_ipv6_address_on_creation": "false",
                            "availability_zone": "us-west-2a",
                            "cidr_block": "10.122.124.0/25",
                            "id": "subnet-d7f4a7a1",
                            "map_public_ip_on_launch": "false",
                            "tags.%": "6",
                            "tags.KubernetesCluster": "us-west-2_jive-microservices-prod-jcx",
                            "tags.Name": "prod-jcx-public-subnet",
                            "tags.account_name": "jive-microservices-prod",
                            "tags.pipeline_phase": "prod-jcx",
                            "tags.region": "us-west-2",
                            "tags.sla": "prod",
                            "vpc_id": "vpc-d1e2f2b5"
                        },
                        "meta": {},
                        "tainted": false
                    },
                    "deposed": [],
                    "provider": ""
                },
                "aws_subnet.public.1": {
                    "type": "aws_subnet",
                    "depends_on": [
                        "aws_vpc.main"
                    ],
                    "primary": {
                        "id": "subnet-61ab9305",
                        "attributes": {
                            "assign_ipv6_address_on_creation": "false",
                            "availability_zone": "us-west-2b",
                            "cidr_block": "10.122.124.128/25",
                            "id": "subnet-61ab9305",
                            "map_public_ip_on_launch": "false",
                            "tags.%": "6",
                            "tags.KubernetesCluster": "us-west-2_jive-microservices-prod-jcx",
                            "tags.Name": "prod-jcx-public-subnet",
                            "tags.account_name": "jive-microservices-prod",
                            "tags.pipeline_phase": "prod-jcx",
                            "tags.region": "us-west-2",
                            "tags.sla": "prod",
                            "vpc_id": "vpc-d1e2f2b5"
                        },
                        "meta": {},
                        "tainted": false
                    },
                    "deposed": [],
                    "provider": ""
                },
                "aws_subnet.public.2": {
                    "type": "aws_subnet",
                    "depends_on": [
                        "aws_vpc.main"
                    ],
                    "primary": {
                        "id": "subnet-437ce81b",
                        "attributes": {
                            "assign_ipv6_address_on_creation": "false",
                            "availability_zone": "us-west-2c",
                            "cidr_block": "10.122.125.0/25",
                            "id": "subnet-437ce81b",
                            "map_public_ip_on_launch": "false",
                            "tags.%": "6",
                            "tags.KubernetesCluster": "us-west-2_jive-microservices-prod-jcx",
                            "tags.Name": "prod-jcx-public-subnet",
                            "tags.account_name": "jive-microservices-prod",
                            "tags.pipeline_phase": "prod-jcx",
                            "tags.region": "us-west-2",
                            "tags.sla": "prod",
                            "vpc_id": "vpc-d1e2f2b5"
                        },
                        "meta": {},
                        "tainted": false
                    },
                    "deposed": [],
                    "provider": ""
                },
                "aws_vpc.main": {
                    "type": "aws_vpc",
                    "depends_on": [],
                    "primary": {
                        "id": "vpc-d1e2f2b5",
                        "attributes": {
                            "assign_generated_ipv6_cidr_block": "false",
                            "cidr_block": "10.122.112.0/20",
                            "default_network_acl_id": "acl-8c04f4eb",
                            "default_route_table_id": "rtb-afe939c8",
                            "default_security_group_id": "sg-df8729a6",
                            "dhcp_options_id": "dopt-bdb2d4d8",
                            "enable_classiclink": "false",
                            "enable_dns_hostnames": "true",
                            "enable_dns_support": "true",
                            "id": "vpc-d1e2f2b5",
                            "instance_tenancy": "default",
                            "main_route_table_id": "rtb-afe939c8",
                            "tags.%": "5",
                            "tags.Name": "prod-jcx-vpc",
                            "tags.account_name": "jive-microservices-prod",
                            "tags.pipeline_phase": "prod-jcx",
                            "tags.region": "us-west-2",
                            "tags.sla": "prod"
                        },
                        "meta": {
                            "schema_version": "1"
                        },
                        "tainted": false
                    },
                    "deposed": [],
                    "provider": ""
                },
                "aws_vpc_peering_connection.bikou": {
                    "type": "aws_vpc_peering_connection",
                    "depends_on": [
                        "aws_vpc.main"
                    ],
                    "primary": {
                        "id": "pcx-70078f19",
                        "attributes": {
                            "accept_status": "pending-acceptance",
                            "accepter.#": "0",
                            "id": "pcx-70078f19",
                            "peer_owner_id": "417900408555",
                            "peer_vpc_id": "vpc-d3272bb6",
                            "requester.#": "1",
                            "requester.3244290774.allow_classic_link_to_remote_vpc": "false",
                            "requester.3244290774.allow_remote_vpc_dns_resolution": "false",
                            "requester.3244290774.allow_vpc_to_remote_classic_link": "false",
                            "tags.%": "5",
                            "tags.Account_name": "jive-microservices-prod",
                            "tags.Name": "prod-jcx_to_bikou",
                            "tags.Pipeline_phase": "prod-jcx",
                            "tags.Region": "us-west-2",
                            "tags.SLA": "prod",
                            "vpc_id": "vpc-d1e2f2b5"
                        },
                        "meta": {},
                        "tainted": false
                    },
                    "deposed": [],
                    "provider": ""
                },
                "aws_vpc_peering_connection.data_brewprod": {
                    "type": "aws_vpc_peering_connection",
                    "depends_on": [
                        "aws_vpc.main"
                    ],
                    "primary": {
                        "id": "pcx-1ef27d77",
                        "attributes": {
                            "accept_status": "active",
                            "accepter.#": "0",
                            "id": "pcx-1ef27d77",
                            "peer_owner_id": "409573287771",
                            "peer_vpc_id": "vpc-e818b28c",
                            "requester.#": "1",
                            "requester.3244290774.allow_classic_link_to_remote_vpc": "false",
                            "requester.3244290774.allow_remote_vpc_dns_resolution": "false",
                            "requester.3244290774.allow_vpc_to_remote_classic_link": "false",
                            "tags.%": "5",
                            "tags.Name": "prod-jcx_to_data_account_brewprod",
                            "tags.account_name": "jive-microservices-prod",
                            "tags.pipeline_phase": "prod-jcx",
                            "tags.region": "us-west-2",
                            "tags.sla": "prod",
                            "vpc_id": "vpc-d1e2f2b5"
                        },
                        "meta": {},
                        "tainted": false
                    },
                    "deposed": [],
                    "provider": ""
                },
                "aws_vpc_peering_connection.data_jcx_prod": {
                    "type": "aws_vpc_peering_connection",
                    "depends_on": [
                        "aws_vpc.main"
                    ],
                    "primary": {
                        "id": "pcx-7eea6c17",
                        "attributes": {
                            "accept_status": "active",
                            "accepter.#": "0",
                            "id": "pcx-7eea6c17",
                            "peer_owner_id": "467524913882",
                            "peer_vpc_id": "vpc-cc77c2a8",
                            "requester.#": "1",
                            "requester.3244290774.allow_classic_link_to_remote_vpc": "false",
                            "requester.3244290774.allow_remote_vpc_dns_resolution": "false",
                            "requester.3244290774.allow_vpc_to_remote_classic_link": "false",
                            "tags.%": "5",
                            "tags.Name": "prod-jcx_to_data_account_prod",
                            "tags.account_name": "jive-microservices-prod",
                            "tags.pipeline_phase": "prod-jcx",
                            "tags.region": "us-west-2",
                            "tags.sla": "prod",
                            "vpc_id": "vpc-d1e2f2b5"
                        },
                        "meta": {},
                        "tainted": false
                    },
                    "deposed": [],
                    "provider": ""
                },
                "aws_vpc_peering_connection.infra": {
                    "type": "aws_vpc_peering_connection",
                    "depends_on": [
                        "aws_vpc.main"
                    ],
                    "primary": {
                        "id": "pcx-6a893003",
                        "attributes": {
                            "accept_status": "active",
                            "accepter.#": "1",
                            "accepter.3244290774.allow_classic_link_to_remote_vpc": "false",
                            "accepter.3244290774.allow_remote_vpc_dns_resolution": "false",
                            "accepter.3244290774.allow_vpc_to_remote_classic_link": "false",
                            "auto_accept": "true",
                            "id": "pcx-6a893003",
                            "peer_owner_id": "663559125979",
                            "peer_vpc_id": "vpc-b04e2bd4",
                            "requester.#": "1",
                            "requester.3244290774.allow_classic_link_to_remote_vpc": "false",
                            "requester.3244290774.allow_remote_vpc_dns_resolution": "false",
                            "requester.3244290774.allow_vpc_to_remote_classic_link": "false",
                            "tags.%": "5",
                            "tags.Name": "prod-jcx_to_infra-jive-microservices-prod",
                            "tags.account_name": "jive-microservices-prod",
                            "tags.pipeline_phase": "prod-jcx",
                            "tags.region": "us-west-2",
                            "tags.sla": "prod",
                            "vpc_id": "vpc-d1e2f2b5"
                        },
                        "meta": {},
                        "tainted": false
                    },
                    "deposed": [],
                    "provider": ""
                },
                "aws_vpc_peering_connection.reco_brewprod": {
                    "type": "aws_vpc_peering_connection",
                    "depends_on": [
                        "aws_vpc.main"
                    ],
                    "primary": {
                        "id": "pcx-27ca444e",
                        "attributes": {
                            "accept_status": "active",
                            "accepter.#": "0",
                            "id": "pcx-27ca444e",
                            "peer_owner_id": "549229563172",
                            "peer_vpc_id": "vpc-238d3947",
                            "requester.#": "1",
                            "requester.3244290774.allow_classic_link_to_remote_vpc": "false",
                            "requester.3244290774.allow_remote_vpc_dns_resolution": "false",
                            "requester.3244290774.allow_vpc_to_remote_classic_link": "false",
                            "tags.%": "5",
                            "tags.Name": "prod-jcx_to_reco_account_brewprod",
                            "tags.account_name": "jive-microservices-prod",
                            "tags.pipeline_phase": "prod-jcx",
                            "tags.region": "us-west-2",
                            "tags.sla": "prod",
                            "vpc_id": "vpc-d1e2f2b5"
                        },
                        "meta": {},
                        "tainted": false
                    },
                    "deposed": [],
                    "provider": ""
                },
                "aws_vpc_peering_connection.reco_prod": {
                    "type": "aws_vpc_peering_connection",
                    "depends_on": [
                        "aws_vpc.main"
                    ],
                    "primary": {
                        "id": "pcx-95cd43fc",
                        "attributes": {
                            "accept_status": "active",
                            "accepter.#": "0",
                            "id": "pcx-95cd43fc",
                            "peer_owner_id": "870846026232",
                            "peer_vpc_id": "vpc-e7883c83",
                            "requester.#": "1",
                            "requester.3244290774.allow_classic_link_to_remote_vpc": "false",
                            "requester.3244290774.allow_remote_vpc_dns_resolution": "false",
                            "requester.3244290774.allow_vpc_to_remote_classic_link": "false",
                            "tags.%": "5",
                            "tags.Name": "prod-jcx_to_reco_account_prod",
                            "tags.account_name": "jive-microservices-prod",
                            "tags.pipeline_phase": "prod-jcx",
                            "tags.region": "us-west-2",
                            "tags.sla": "prod",
                            "vpc_id": "vpc-d1e2f2b5"
                        },
                        "meta": {},
                        "tainted": false
                    },
                    "deposed": [],
                    "provider": ""
                },
                "aws_vpn_gateway.vgw": {
                    "type": "aws_vpn_gateway",
                    "depends_on": [
                        "aws_vpc.main"
                    ],
                    "primary": {
                        "id": "vgw-a86db4b6",
                        "attributes": {
                            "availability_zone": "",
                            "id": "vgw-a86db4b6",
                            "tags.%": "7",
                            "tags.Name": "prod-jcx-vgw",
                            "tags.account_name": "jive-microservices-prod",
                            "tags.jive_service": "infrastructure",
                            "tags.pipeline_phase": "prod-jcx",
                            "tags.region": "us-west-2",
                            "tags.service_component": "vpn_gateway",
                            "tags.sla": "prod",
                            "vpc_id": "vpc-d1e2f2b5"
                        },
                        "meta": {},
                        "tainted": false
                    },
                    "deposed": [],
                    "provider": ""
                }
            },
            "depends_on": []
        }
    ]
}
