{
    "version": 3,
    "terraform_version": "0.9.4",
    "serial": 7,
    "lineage": "5adf6600-189d-40f5-8e3b-12544d833512",
    "modules": [
        {
            "path": [
                "root"
            ],
            "outputs": {},
            "resources": {
                "aws_eip.natgw.0": {
                    "type": "aws_eip",
                    "depends_on": [],
                    "primary": {
                        "id": "eipalloc-e78097d7",
                        "attributes": {
                            "association_id": "eipassoc-2e0e2e1c",
                            "domain": "vpc",
                            "id": "eipalloc-e78097d7",
                            "instance": "",
                            "network_interface": "eni-be1f4f6d",
                            "private_ip": "10.126.122.88",
                            "public_ip": "34.203.132.172",
                            "vpc": "true"
                        },
                        "meta": {},
                        "tainted": false
                    },
                    "deposed": [],
                    "provider": ""
                },
                "aws_eip.natgw.1": {
                    "type": "aws_eip",
                    "depends_on": [],
                    "primary": {
                        "id": "eipalloc-948f98a4",
                        "attributes": {
                            "association_id": "eipassoc-be09298c",
                            "domain": "vpc",
                            "id": "eipalloc-948f98a4",
                            "instance": "",
                            "network_interface": "eni-8350cf2a",
                            "private_ip": "10.126.122.224",
                            "public_ip": "34.230.229.173",
                            "vpc": "true"
                        },
                        "meta": {},
                        "tainted": false
                    },
                    "deposed": [],
                    "provider": ""
                },
                "aws_eip.natgw.2": {
                    "type": "aws_eip",
                    "depends_on": [],
                    "primary": {
                        "id": "eipalloc-69899e59",
                        "attributes": {
                            "association_id": "eipassoc-a30c2c91",
                            "domain": "vpc",
                            "id": "eipalloc-69899e59",
                            "instance": "",
                            "network_interface": "eni-d60eaac1",
                            "private_ip": "10.126.123.121",
                            "public_ip": "34.199.43.192",
                            "vpc": "true"
                        },
                        "meta": {},
                        "tainted": false
                    },
                    "deposed": [],
                    "provider": ""
                },
                "aws_eip.natgw.3": {
                    "type": "aws_eip",
                    "depends_on": [],
                    "primary": {
                        "id": "eipalloc-018a9d31",
                        "attributes": {
                            "association_id": "eipassoc-02092930",
                            "domain": "vpc",
                            "id": "eipalloc-018a9d31",
                            "instance": "",
                            "network_interface": "eni-82e64a2d",
                            "private_ip": "10.126.123.140",
                            "public_ip": "34.194.73.198",
                            "vpc": "true"
                        },
                        "meta": {},
                        "tainted": false
                    },
                    "deposed": [],
                    "provider": ""
                },
                "aws_eip.natgw.4": {
                    "type": "aws_eip",
                    "depends_on": [],
                    "primary": {
                        "id": "eipalloc-a78d9a97",
                        "attributes": {
                            "association_id": "eipassoc-35082807",
                            "domain": "vpc",
                            "id": "eipalloc-a78d9a97",
                            "instance": "",
                            "network_interface": "eni-20869221",
                            "private_ip": "10.126.124.24",
                            "public_ip": "34.230.101.230",
                            "vpc": "true"
                        },
                        "meta": {},
                        "tainted": false
                    },
                    "deposed": [],
                    "provider": ""
                },
                "aws_internet_gateway.igw": {
                    "type": "aws_internet_gateway",
                    "depends_on": [
                        "aws_vpc.main"
                    ],
                    "primary": {
                        "id": "igw-973f7df1",
                        "attributes": {
                            "id": "igw-973f7df1",
                            "tags.%": "5",
                            "tags.Name": "prod-igw",
                            "tags.account_name": "jive-reco-prod",
                            "tags.pipeline_phase": "prod",
                            "tags.region": "us-east-1",
                            "tags.sla": "prod",
                            "vpc_id": "vpc-0175e878"
                        },
                        "meta": {},
                        "tainted": false
                    },
                    "deposed": [],
                    "provider": ""
                },
                "aws_nat_gateway.natgw.0": {
                    "type": "aws_nat_gateway",
                    "depends_on": [
                        "aws_eip.natgw.*",
                        "aws_internet_gateway.igw",
                        "aws_subnet.public.*"
                    ],
                    "primary": {
                        "id": "nat-07d8a2945979325ee",
                        "attributes": {
                            "allocation_id": "eipalloc-e78097d7",
                            "id": "nat-07d8a2945979325ee",
                            "network_interface_id": "eni-be1f4f6d",
                            "private_ip": "10.126.122.88",
                            "public_ip": "34.203.132.172",
                            "subnet_id": "subnet-795b1431"
                        },
                        "meta": {},
                        "tainted": false
                    },
                    "deposed": [],
                    "provider": ""
                },
                "aws_nat_gateway.natgw.1": {
                    "type": "aws_nat_gateway",
                    "depends_on": [
                        "aws_eip.natgw.*",
                        "aws_internet_gateway.igw",
                        "aws_subnet.public.*"
                    ],
                    "primary": {
                        "id": "nat-0f693e956ea874554",
                        "attributes": {
                            "allocation_id": "eipalloc-948f98a4",
                            "id": "nat-0f693e956ea874554",
                            "network_interface_id": "eni-8350cf2a",
                            "private_ip": "10.126.122.224",
                            "public_ip": "34.230.229.173",
                            "subnet_id": "subnet-3f3eb265"
                        },
                        "meta": {},
                        "tainted": false
                    },
                    "deposed": [],
                    "provider": ""
                },
                "aws_nat_gateway.natgw.2": {
                    "type": "aws_nat_gateway",
                    "depends_on": [
                        "aws_eip.natgw.*",
                        "aws_internet_gateway.igw",
                        "aws_subnet.public.*"
                    ],
                    "primary": {
                        "id": "nat-05447dff425827cda",
                        "attributes": {
                            "allocation_id": "eipalloc-69899e59",
                            "id": "nat-05447dff425827cda",
                            "network_interface_id": "eni-d60eaac1",
                            "private_ip": "10.126.123.121",
                            "public_ip": "34.199.43.192",
                            "subnet_id": "subnet-7523c711"
                        },
                        "meta": {},
                        "tainted": false
                    },
                    "deposed": [],
                    "provider": ""
                },
                "aws_nat_gateway.natgw.3": {
                    "type": "aws_nat_gateway",
                    "depends_on": [
                        "aws_eip.natgw.*",
                        "aws_internet_gateway.igw",
                        "aws_subnet.public.*"
                    ],
                    "primary": {
                        "id": "nat-0a8e7572071d69e32",
                        "attributes": {
                            "allocation_id": "eipalloc-018a9d31",
                            "id": "nat-0a8e7572071d69e32",
                            "network_interface_id": "eni-82e64a2d",
                            "private_ip": "10.126.123.140",
                            "public_ip": "34.194.73.198",
                            "subnet_id": "subnet-cb6cf8e7"
                        },
                        "meta": {},
                        "tainted": false
                    },
                    "deposed": [],
                    "provider": ""
                },
                "aws_nat_gateway.natgw.4": {
                    "type": "aws_nat_gateway",
                    "depends_on": [
                        "aws_eip.natgw.*",
                        "aws_internet_gateway.igw",
                        "aws_subnet.public.*"
                    ],
                    "primary": {
                        "id": "nat-0bfc46eeb3043b14a",
                        "attributes": {
                            "allocation_id": "eipalloc-a78d9a97",
                            "id": "nat-0bfc46eeb3043b14a",
                            "network_interface_id": "eni-20869221",
                            "private_ip": "10.126.124.24",
                            "public_ip": "34.230.101.230",
                            "subnet_id": "subnet-b43b3d88"
                        },
                        "meta": {},
                        "tainted": false
                    },
                    "deposed": [],
                    "provider": ""
                },
                "aws_route.bastion_natdc.0": {
                    "type": "aws_route",
                    "depends_on": [
                        "aws_route_table.natdc.*",
                        "aws_vpc_peering_connection.infra"
                    ],
                    "primary": {
                        "id": "r-rtb-e98cac912149145233",
                        "attributes": {
                            "destination_cidr_block": "10.127.55.7/32",
                            "destination_prefix_list_id": "",
                            "egress_only_gateway_id": "",
                            "gateway_id": "",
                            "id": "r-rtb-e98cac912149145233",
                            "instance_id": "",
                            "instance_owner_id": "",
                            "nat_gateway_id": "",
                            "network_interface_id": "",
                            "origin": "CreateRoute",
                            "route_table_id": "rtb-e98cac91",
                            "state": "active",
                            "vpc_peering_connection_id": "pcx-ccc3b2a5"
                        },
                        "meta": {},
                        "tainted": false
                    },
                    "deposed": [],
                    "provider": ""
                },
                "aws_route.bastion_natdc.1": {
                    "type": "aws_route",
                    "depends_on": [
                        "aws_route_table.natdc.*",
                        "aws_vpc_peering_connection.infra"
                    ],
                    "primary": {
                        "id": "r-rtb-fd87a7852149145233",
                        "attributes": {
                            "destination_cidr_block": "10.127.55.7/32",
                            "destination_prefix_list_id": "",
                            "egress_only_gateway_id": "",
                            "gateway_id": "",
                            "id": "r-rtb-fd87a7852149145233",
                            "instance_id": "",
                            "instance_owner_id": "",
                            "nat_gateway_id": "",
                            "network_interface_id": "",
                            "origin": "CreateRoute",
                            "route_table_id": "rtb-fd87a785",
                            "state": "active",
                            "vpc_peering_connection_id": "pcx-ccc3b2a5"
                        },
                        "meta": {},
                        "tainted": false
                    },
                    "deposed": [],
                    "provider": ""
                },
                "aws_route.bastion_natdc.2": {
                    "type": "aws_route",
                    "depends_on": [
                        "aws_route_table.natdc.*",
                        "aws_vpc_peering_connection.infra"
                    ],
                    "primary": {
                        "id": "r-rtb-368faf4e2149145233",
                        "attributes": {
                            "destination_cidr_block": "10.127.55.7/32",
                            "destination_prefix_list_id": "",
                            "egress_only_gateway_id": "",
                            "gateway_id": "",
                            "id": "r-rtb-368faf4e2149145233",
                            "instance_id": "",
                            "instance_owner_id": "",
                            "nat_gateway_id": "",
                            "network_interface_id": "",
                            "origin": "CreateRoute",
                            "route_table_id": "rtb-368faf4e",
                            "state": "active",
                            "vpc_peering_connection_id": "pcx-ccc3b2a5"
                        },
                        "meta": {},
                        "tainted": false
                    },
                    "deposed": [],
                    "provider": ""
                },
                "aws_route.bastion_natdc.3": {
                    "type": "aws_route",
                    "depends_on": [
                        "aws_route_table.natdc.*",
                        "aws_vpc_peering_connection.infra"
                    ],
                    "primary": {
                        "id": "r-rtb-7686a60e2149145233",
                        "attributes": {
                            "destination_cidr_block": "10.127.55.7/32",
                            "destination_prefix_list_id": "",
                            "egress_only_gateway_id": "",
                            "gateway_id": "",
                            "id": "r-rtb-7686a60e2149145233",
                            "instance_id": "",
                            "instance_owner_id": "",
                            "nat_gateway_id": "",
                            "network_interface_id": "",
                            "origin": "CreateRoute",
                            "route_table_id": "rtb-7686a60e",
                            "state": "active",
                            "vpc_peering_connection_id": "pcx-ccc3b2a5"
                        },
                        "meta": {},
                        "tainted": false
                    },
                    "deposed": [],
                    "provider": ""
                },
                "aws_route.bastion_natdc.4": {
                    "type": "aws_route",
                    "depends_on": [
                        "aws_route_table.natdc.*",
                        "aws_vpc_peering_connection.infra"
                    ],
                    "primary": {
                        "id": "r-rtb-7f8bab072149145233",
                        "attributes": {
                            "destination_cidr_block": "10.127.55.7/32",
                            "destination_prefix_list_id": "",
                            "egress_only_gateway_id": "",
                            "gateway_id": "",
                            "id": "r-rtb-7f8bab072149145233",
                            "instance_id": "",
                            "instance_owner_id": "",
                            "nat_gateway_id": "",
                            "network_interface_id": "",
                            "origin": "CreateRoute",
                            "route_table_id": "rtb-7f8bab07",
                            "state": "active",
                            "vpc_peering_connection_id": "pcx-ccc3b2a5"
                        },
                        "meta": {},
                        "tainted": false
                    },
                    "deposed": [],
                    "provider": ""
                },
                "aws_route.bastion_private": {
                    "type": "aws_route",
                    "depends_on": [
                        "aws_route_table.private",
                        "aws_vpc_peering_connection.infra"
                    ],
                    "primary": {
                        "id": "r-rtb-ce8aaab62149145233",
                        "attributes": {
                            "destination_cidr_block": "10.127.55.7/32",
                            "destination_prefix_list_id": "",
                            "egress_only_gateway_id": "",
                            "gateway_id": "",
                            "id": "r-rtb-ce8aaab62149145233",
                            "instance_id": "",
                            "instance_owner_id": "",
                            "nat_gateway_id": "",
                            "network_interface_id": "",
                            "origin": "CreateRoute",
                            "route_table_id": "rtb-ce8aaab6",
                            "state": "active",
                            "vpc_peering_connection_id": "pcx-ccc3b2a5"
                        },
                        "meta": {},
                        "tainted": false
                    },
                    "deposed": [],
                    "provider": ""
                },
                "aws_route.bastion_public": {
                    "type": "aws_route",
                    "depends_on": [
                        "aws_route_table.public",
                        "aws_vpc_peering_connection.infra"
                    ],
                    "primary": {
                        "id": "r-rtb-3c8faf442149145233",
                        "attributes": {
                            "destination_cidr_block": "10.127.55.7/32",
                            "destination_prefix_list_id": "",
                            "egress_only_gateway_id": "",
                            "gateway_id": "",
                            "id": "r-rtb-3c8faf442149145233",
                            "instance_id": "",
                            "instance_owner_id": "",
                            "nat_gateway_id": "",
                            "network_interface_id": "",
                            "origin": "CreateRoute",
                            "route_table_id": "rtb-3c8faf44",
                            "state": "active",
                            "vpc_peering_connection_id": "pcx-ccc3b2a5"
                        },
                        "meta": {},
                        "tainted": false
                    },
                    "deposed": [],
                    "provider": ""
                },
                "aws_route.infra_natdc.0": {
                    "type": "aws_route",
                    "depends_on": [
                        "aws_vpc_peering_connection.infra"
                    ],
                    "primary": {
                        "id": "r-rtb-c3ceeebb3895856816",
                        "attributes": {
                            "destination_cidr_block": "10.126.112.0/20",
                            "destination_prefix_list_id": "",
                            "egress_only_gateway_id": "",
                            "gateway_id": "",
                            "id": "r-rtb-c3ceeebb3895856816",
                            "instance_id": "",
                            "instance_owner_id": "",
                            "nat_gateway_id": "",
                            "network_interface_id": "",
                            "origin": "CreateRoute",
                            "route_table_id": "rtb-c3ceeebb",
                            "state": "active",
                            "vpc_peering_connection_id": "pcx-ccc3b2a5"
                        },
                        "meta": {},
                        "tainted": false
                    },
                    "deposed": [],
                    "provider": ""
                },
                "aws_route.infra_natdc.1": {
                    "type": "aws_route",
                    "depends_on": [
                        "aws_vpc_peering_connection.infra"
                    ],
                    "primary": {
                        "id": "r-rtb-97d2f2ef3895856816",
                        "attributes": {
                            "destination_cidr_block": "10.126.112.0/20",
                            "destination_prefix_list_id": "",
                            "egress_only_gateway_id": "",
                            "gateway_id": "",
                            "id": "r-rtb-97d2f2ef3895856816",
                            "instance_id": "",
                            "instance_owner_id": "",
                            "nat_gateway_id": "",
                            "network_interface_id": "",
                            "origin": "CreateRoute",
                            "route_table_id": "rtb-97d2f2ef",
                            "state": "active",
                            "vpc_peering_connection_id": "pcx-ccc3b2a5"
                        },
                        "meta": {},
                        "tainted": false
                    },
                    "deposed": [],
                    "provider": ""
                },
                "aws_route.infra_natdc.2": {
                    "type": "aws_route",
                    "depends_on": [
                        "aws_vpc_peering_connection.infra"
                    ],
                    "primary": {
                        "id": "r-rtb-2ad5f5523895856816",
                        "attributes": {
                            "destination_cidr_block": "10.126.112.0/20",
                            "destination_prefix_list_id": "",
                            "egress_only_gateway_id": "",
                            "gateway_id": "",
                            "id": "r-rtb-2ad5f5523895856816",
                            "instance_id": "",
                            "instance_owner_id": "",
                            "nat_gateway_id": "",
                            "network_interface_id": "",
                            "origin": "CreateRoute",
                            "route_table_id": "rtb-2ad5f552",
                            "state": "active",
                            "vpc_peering_connection_id": "pcx-ccc3b2a5"
                        },
                        "meta": {},
                        "tainted": false
                    },
                    "deposed": [],
                    "provider": ""
                },
                "aws_route.infra_natdc.3": {
                    "type": "aws_route",
                    "depends_on": [
                        "aws_vpc_peering_connection.infra"
                    ],
                    "primary": {
                        "id": "r-rtb-31bc9c493895856816",
                        "attributes": {
                            "destination_cidr_block": "10.126.112.0/20",
                            "destination_prefix_list_id": "",
                            "egress_only_gateway_id": "",
                            "gateway_id": "",
                            "id": "r-rtb-31bc9c493895856816",
                            "instance_id": "",
                            "instance_owner_id": "",
                            "nat_gateway_id": "",
                            "network_interface_id": "",
                            "origin": "CreateRoute",
                            "route_table_id": "rtb-31bc9c49",
                            "state": "active",
                            "vpc_peering_connection_id": "pcx-ccc3b2a5"
                        },
                        "meta": {},
                        "tainted": false
                    },
                    "deposed": [],
                    "provider": ""
                },
                "aws_route.infra_natdc.4": {
                    "type": "aws_route",
                    "depends_on": [
                        "aws_vpc_peering_connection.infra"
                    ],
                    "primary": {
                        "id": "r-rtb-28b292503895856816",
                        "attributes": {
                            "destination_cidr_block": "10.126.112.0/20",
                            "destination_prefix_list_id": "",
                            "egress_only_gateway_id": "",
                            "gateway_id": "",
                            "id": "r-rtb-28b292503895856816",
                            "instance_id": "",
                            "instance_owner_id": "",
                            "nat_gateway_id": "",
                            "network_interface_id": "",
                            "origin": "CreateRoute",
                            "route_table_id": "rtb-28b29250",
                            "state": "active",
                            "vpc_peering_connection_id": "pcx-ccc3b2a5"
                        },
                        "meta": {},
                        "tainted": false
                    },
                    "deposed": [],
                    "provider": ""
                },
                "aws_route.infra_private": {
                    "type": "aws_route",
                    "depends_on": [
                        "aws_vpc_peering_connection.infra"
                    ],
                    "primary": {
                        "id": "r-rtb-ffccec873895856816",
                        "attributes": {
                            "destination_cidr_block": "10.126.112.0/20",
                            "destination_prefix_list_id": "",
                            "egress_only_gateway_id": "",
                            "gateway_id": "",
                            "id": "r-rtb-ffccec873895856816",
                            "instance_id": "",
                            "instance_owner_id": "",
                            "nat_gateway_id": "",
                            "network_interface_id": "",
                            "origin": "CreateRoute",
                            "route_table_id": "rtb-ffccec87",
                            "state": "active",
                            "vpc_peering_connection_id": "pcx-ccc3b2a5"
                        },
                        "meta": {},
                        "tainted": false
                    },
                    "deposed": [],
                    "provider": ""
                },
                "aws_route.infra_public": {
                    "type": "aws_route",
                    "depends_on": [
                        "aws_vpc_peering_connection.infra"
                    ],
                    "primary": {
                        "id": "r-rtb-3ad0f0423895856816",
                        "attributes": {
                            "destination_cidr_block": "10.126.112.0/20",
                            "destination_prefix_list_id": "",
                            "egress_only_gateway_id": "",
                            "gateway_id": "",
                            "id": "r-rtb-3ad0f0423895856816",
                            "instance_id": "",
                            "instance_owner_id": "",
                            "nat_gateway_id": "",
                            "network_interface_id": "",
                            "origin": "CreateRoute",
                            "route_table_id": "rtb-3ad0f042",
                            "state": "active",
                            "vpc_peering_connection_id": "pcx-ccc3b2a5"
                        },
                        "meta": {},
                        "tainted": false
                    },
                    "deposed": [],
                    "provider": ""
                },
                "aws_route.microservices_jcx_natdc.0": {
                    "type": "aws_route",
                    "depends_on": [
                        "aws_route_table.natdc.*"
                    ],
                    "primary": {
                        "id": "r-rtb-e98cac9150443699",
                        "attributes": {
                            "destination_cidr_block": "10.125.112.0/20",
                            "destination_prefix_list_id": "",
                            "egress_only_gateway_id": "",
                            "gateway_id": "",
                            "id": "r-rtb-e98cac9150443699",
                            "instance_id": "",
                            "instance_owner_id": "",
                            "nat_gateway_id": "",
                            "network_interface_id": "",
                            "origin": "CreateRoute",
                            "route_table_id": "rtb-e98cac91",
                            "state": "active",
                            "vpc_peering_connection_id": "pcx-38eb9851"
                        },
                        "meta": {},
                        "tainted": false
                    },
                    "deposed": [],
                    "provider": ""
                },
                "aws_route.microservices_jcx_natdc.1": {
                    "type": "aws_route",
                    "depends_on": [
                        "aws_route_table.natdc.*"
                    ],
                    "primary": {
                        "id": "r-rtb-fd87a78550443699",
                        "attributes": {
                            "destination_cidr_block": "10.125.112.0/20",
                            "destination_prefix_list_id": "",
                            "egress_only_gateway_id": "",
                            "gateway_id": "",
                            "id": "r-rtb-fd87a78550443699",
                            "instance_id": "",
                            "instance_owner_id": "",
                            "nat_gateway_id": "",
                            "network_interface_id": "",
                            "origin": "CreateRoute",
                            "route_table_id": "rtb-fd87a785",
                            "state": "active",
                            "vpc_peering_connection_id": "pcx-38eb9851"
                        },
                        "meta": {},
                        "tainted": false
                    },
                    "deposed": [],
                    "provider": ""
                },
                "aws_route.microservices_jcx_natdc.2": {
                    "type": "aws_route",
                    "depends_on": [
                        "aws_route_table.natdc.*"
                    ],
                    "primary": {
                        "id": "r-rtb-368faf4e50443699",
                        "attributes": {
                            "destination_cidr_block": "10.125.112.0/20",
                            "destination_prefix_list_id": "",
                            "egress_only_gateway_id": "",
                            "gateway_id": "",
                            "id": "r-rtb-368faf4e50443699",
                            "instance_id": "",
                            "instance_owner_id": "",
                            "nat_gateway_id": "",
                            "network_interface_id": "",
                            "origin": "CreateRoute",
                            "route_table_id": "rtb-368faf4e",
                            "state": "active",
                            "vpc_peering_connection_id": "pcx-38eb9851"
                        },
                        "meta": {},
                        "tainted": false
                    },
                    "deposed": [],
                    "provider": ""
                },
                "aws_route.microservices_jcx_natdc.3": {
                    "type": "aws_route",
                    "depends_on": [
                        "aws_route_table.natdc.*"
                    ],
                    "primary": {
                        "id": "r-rtb-7686a60e50443699",
                        "attributes": {
                            "destination_cidr_block": "10.125.112.0/20",
                            "destination_prefix_list_id": "",
                            "egress_only_gateway_id": "",
                            "gateway_id": "",
                            "id": "r-rtb-7686a60e50443699",
                            "instance_id": "",
                            "instance_owner_id": "",
                            "nat_gateway_id": "",
                            "network_interface_id": "",
                            "origin": "CreateRoute",
                            "route_table_id": "rtb-7686a60e",
                            "state": "active",
                            "vpc_peering_connection_id": "pcx-38eb9851"
                        },
                        "meta": {},
                        "tainted": false
                    },
                    "deposed": [],
                    "provider": ""
                },
                "aws_route.microservices_jcx_natdc.4": {
                    "type": "aws_route",
                    "depends_on": [
                        "aws_route_table.natdc.*"
                    ],
                    "primary": {
                        "id": "r-rtb-7f8bab0750443699",
                        "attributes": {
                            "destination_cidr_block": "10.125.112.0/20",
                            "destination_prefix_list_id": "",
                            "egress_only_gateway_id": "",
                            "gateway_id": "",
                            "id": "r-rtb-7f8bab0750443699",
                            "instance_id": "",
                            "instance_owner_id": "",
                            "nat_gateway_id": "",
                            "network_interface_id": "",
                            "origin": "CreateRoute",
                            "route_table_id": "rtb-7f8bab07",
                            "state": "active",
                            "vpc_peering_connection_id": "pcx-38eb9851"
                        },
                        "meta": {},
                        "tainted": false
                    },
                    "deposed": [],
                    "provider": ""
                },
                "aws_route.microservices_jcx_private": {
                    "type": "aws_route",
                    "depends_on": [
                        "aws_route_table.private"
                    ],
                    "primary": {
                        "id": "r-rtb-ce8aaab650443699",
                        "attributes": {
                            "destination_cidr_block": "10.125.112.0/20",
                            "destination_prefix_list_id": "",
                            "egress_only_gateway_id": "",
                            "gateway_id": "",
                            "id": "r-rtb-ce8aaab650443699",
                            "instance_id": "",
                            "instance_owner_id": "",
                            "nat_gateway_id": "",
                            "network_interface_id": "",
                            "origin": "CreateRoute",
                            "route_table_id": "rtb-ce8aaab6",
                            "state": "active",
                            "vpc_peering_connection_id": "pcx-38eb9851"
                        },
                        "meta": {},
                        "tainted": false
                    },
                    "deposed": [],
                    "provider": ""
                },
                "aws_route.microservices_jcx_public": {
                    "type": "aws_route",
                    "depends_on": [
                        "aws_route_table.public"
                    ],
                    "primary": {
                        "id": "r-rtb-3c8faf4450443699",
                        "attributes": {
                            "destination_cidr_block": "10.125.112.0/20",
                            "destination_prefix_list_id": "",
                            "egress_only_gateway_id": "",
                            "gateway_id": "",
                            "id": "r-rtb-3c8faf4450443699",
                            "instance_id": "",
                            "instance_owner_id": "",
                            "nat_gateway_id": "",
                            "network_interface_id": "",
                            "origin": "CreateRoute",
                            "route_table_id": "rtb-3c8faf44",
                            "state": "active",
                            "vpc_peering_connection_id": "pcx-38eb9851"
                        },
                        "meta": {},
                        "tainted": false
                    },
                    "deposed": [],
                    "provider": ""
                },
                "aws_route.microservices_natdc.0": {
                    "type": "aws_route",
                    "depends_on": [
                        "aws_route_table.natdc.*"
                    ],
                    "primary": {
                        "id": "r-rtb-e98cac911818769564",
                        "attributes": {
                            "destination_cidr_block": "10.125.64.0/19",
                            "destination_prefix_list_id": "",
                            "egress_only_gateway_id": "",
                            "gateway_id": "",
                            "id": "r-rtb-e98cac911818769564",
                            "instance_id": "",
                            "instance_owner_id": "",
                            "nat_gateway_id": "",
                            "network_interface_id": "",
                            "origin": "CreateRoute",
                            "route_table_id": "rtb-e98cac91",
                            "state": "active",
                            "vpc_peering_connection_id": "pcx-dce596b5"
                        },
                        "meta": {},
                        "tainted": false
                    },
                    "deposed": [],
                    "provider": ""
                },
                "aws_route.microservices_natdc.1": {
                    "type": "aws_route",
                    "depends_on": [
                        "aws_route_table.natdc.*"
                    ],
                    "primary": {
                        "id": "r-rtb-fd87a7851818769564",
                        "attributes": {
                            "destination_cidr_block": "10.125.64.0/19",
                            "destination_prefix_list_id": "",
                            "egress_only_gateway_id": "",
                            "gateway_id": "",
                            "id": "r-rtb-fd87a7851818769564",
                            "instance_id": "",
                            "instance_owner_id": "",
                            "nat_gateway_id": "",
                            "network_interface_id": "",
                            "origin": "CreateRoute",
                            "route_table_id": "rtb-fd87a785",
                            "state": "active",
                            "vpc_peering_connection_id": "pcx-dce596b5"
                        },
                        "meta": {},
                        "tainted": false
                    },
                    "deposed": [],
                    "provider": ""
                },
                "aws_route.microservices_natdc.2": {
                    "type": "aws_route",
                    "depends_on": [
                        "aws_route_table.natdc.*"
                    ],
                    "primary": {
                        "id": "r-rtb-368faf4e1818769564",
                        "attributes": {
                            "destination_cidr_block": "10.125.64.0/19",
                            "destination_prefix_list_id": "",
                            "egress_only_gateway_id": "",
                            "gateway_id": "",
                            "id": "r-rtb-368faf4e1818769564",
                            "instance_id": "",
                            "instance_owner_id": "",
                            "nat_gateway_id": "",
                            "network_interface_id": "",
                            "origin": "CreateRoute",
                            "route_table_id": "rtb-368faf4e",
                            "state": "active",
                            "vpc_peering_connection_id": "pcx-dce596b5"
                        },
                        "meta": {},
                        "tainted": false
                    },
                    "deposed": [],
                    "provider": ""
                },
                "aws_route.microservices_natdc.3": {
                    "type": "aws_route",
                    "depends_on": [
                        "aws_route_table.natdc.*"
                    ],
                    "primary": {
                        "id": "r-rtb-7686a60e1818769564",
                        "attributes": {
                            "destination_cidr_block": "10.125.64.0/19",
                            "destination_prefix_list_id": "",
                            "egress_only_gateway_id": "",
                            "gateway_id": "",
                            "id": "r-rtb-7686a60e1818769564",
                            "instance_id": "",
                            "instance_owner_id": "",
                            "nat_gateway_id": "",
                            "network_interface_id": "",
                            "origin": "CreateRoute",
                            "route_table_id": "rtb-7686a60e",
                            "state": "active",
                            "vpc_peering_connection_id": "pcx-dce596b5"
                        },
                        "meta": {},
                        "tainted": false
                    },
                    "deposed": [],
                    "provider": ""
                },
                "aws_route.microservices_natdc.4": {
                    "type": "aws_route",
                    "depends_on": [
                        "aws_route_table.natdc.*"
                    ],
                    "primary": {
                        "id": "r-rtb-7f8bab071818769564",
                        "attributes": {
                            "destination_cidr_block": "10.125.64.0/19",
                            "destination_prefix_list_id": "",
                            "egress_only_gateway_id": "",
                            "gateway_id": "",
                            "id": "r-rtb-7f8bab071818769564",
                            "instance_id": "",
                            "instance_owner_id": "",
                            "nat_gateway_id": "",
                            "network_interface_id": "",
                            "origin": "CreateRoute",
                            "route_table_id": "rtb-7f8bab07",
                            "state": "active",
                            "vpc_peering_connection_id": "pcx-dce596b5"
                        },
                        "meta": {},
                        "tainted": false
                    },
                    "deposed": [],
                    "provider": ""
                },
                "aws_route.microservices_private": {
                    "type": "aws_route",
                    "depends_on": [
                        "aws_route_table.private"
                    ],
                    "primary": {
                        "id": "r-rtb-ce8aaab61818769564",
                        "attributes": {
                            "destination_cidr_block": "10.125.64.0/19",
                            "destination_prefix_list_id": "",
                            "egress_only_gateway_id": "",
                            "gateway_id": "",
                            "id": "r-rtb-ce8aaab61818769564",
                            "instance_id": "",
                            "instance_owner_id": "",
                            "nat_gateway_id": "",
                            "network_interface_id": "",
                            "origin": "CreateRoute",
                            "route_table_id": "rtb-ce8aaab6",
                            "state": "active",
                            "vpc_peering_connection_id": "pcx-dce596b5"
                        },
                        "meta": {},
                        "tainted": false
                    },
                    "deposed": [],
                    "provider": ""
                },
                "aws_route.microservices_public": {
                    "type": "aws_route",
                    "depends_on": [
                        "aws_route_table.public"
                    ],
                    "primary": {
                        "id": "r-rtb-3c8faf441818769564",
                        "attributes": {
                            "destination_cidr_block": "10.125.64.0/19",
                            "destination_prefix_list_id": "",
                            "egress_only_gateway_id": "",
                            "gateway_id": "",
                            "id": "r-rtb-3c8faf441818769564",
                            "instance_id": "",
                            "instance_owner_id": "",
                            "nat_gateway_id": "",
                            "network_interface_id": "",
                            "origin": "CreateRoute",
                            "route_table_id": "rtb-3c8faf44",
                            "state": "active",
                            "vpc_peering_connection_id": "pcx-dce596b5"
                        },
                        "meta": {},
                        "tainted": false
                    },
                    "deposed": [],
                    "provider": ""
                },
                "aws_route53_zone_association.route53": {
                    "type": "aws_route53_zone_association",
                    "depends_on": [
                        "aws_vpc.main"
                    ],
                    "primary": {
                        "id": "Z3G5VQCYCT435Y:vpc-0175e878",
                        "attributes": {
                            "id": "Z3G5VQCYCT435Y:vpc-0175e878",
                            "vpc_id": "vpc-0175e878",
                            "vpc_region": "us-east-1",
                            "zone_id": "Z3G5VQCYCT435Y"
                        },
                        "meta": {},
                        "tainted": false
                    },
                    "deposed": [],
                    "provider": ""
                },
                "aws_route_table.natdc.0": {
                    "type": "aws_route_table",
                    "depends_on": [
                        "aws_nat_gateway.natgw.*",
                        "aws_vpc.main",
                        "aws_vpn_gateway.vgw"
                    ],
                    "primary": {
                        "id": "rtb-e98cac91",
                        "attributes": {
                            "id": "rtb-e98cac91",
                            "propagating_vgws.#": "1",
                            "propagating_vgws.3026206708": "vgw-e68b608f",
                            "route.#": "4",
                            "route.1042068637.cidr_block": "10.125.64.0/19",
                            "route.1042068637.egress_only_gateway_id": "",
                            "route.1042068637.gateway_id": "",
                            "route.1042068637.instance_id": "",
                            "route.1042068637.ipv6_cidr_block": "",
                            "route.1042068637.nat_gateway_id": "",
                            "route.1042068637.network_interface_id": "",
                            "route.1042068637.vpc_peering_connection_id": "pcx-dce596b5",
                            "route.1674860892.cidr_block": "10.125.112.0/20",
                            "route.1674860892.egress_only_gateway_id": "",
                            "route.1674860892.gateway_id": "",
                            "route.1674860892.instance_id": "",
                            "route.1674860892.ipv6_cidr_block": "",
                            "route.1674860892.nat_gateway_id": "",
                            "route.1674860892.network_interface_id": "",
                            "route.1674860892.vpc_peering_connection_id": "pcx-38eb9851",
                            "route.213640996.cidr_block": "10.127.55.7/32",
                            "route.213640996.egress_only_gateway_id": "",
                            "route.213640996.gateway_id": "",
                            "route.213640996.instance_id": "",
                            "route.213640996.ipv6_cidr_block": "",
                            "route.213640996.nat_gateway_id": "",
                            "route.213640996.network_interface_id": "",
                            "route.213640996.vpc_peering_connection_id": "pcx-ccc3b2a5",
                            "route.443094905.cidr_block": "0.0.0.0/0",
                            "route.443094905.egress_only_gateway_id": "",
                            "route.443094905.gateway_id": "",
                            "route.443094905.instance_id": "",
                            "route.443094905.ipv6_cidr_block": "",
                            "route.443094905.nat_gateway_id": "nat-07d8a2945979325ee",
                            "route.443094905.network_interface_id": "",
                            "route.443094905.vpc_peering_connection_id": "",
                            "tags.%": "5",
                            "tags.Name": "prod-natdc-routetable",
                            "tags.account_name": "jive-reco-prod",
                            "tags.pipeline_phase": "prod",
                            "tags.region": "us-east-1",
                            "tags.sla": "prod",
                            "vpc_id": "vpc-0175e878"
                        },
                        "meta": {},
                        "tainted": false
                    },
                    "deposed": [],
                    "provider": ""
                },
                "aws_route_table.natdc.1": {
                    "type": "aws_route_table",
                    "depends_on": [
                        "aws_nat_gateway.natgw.*",
                        "aws_vpc.main",
                        "aws_vpn_gateway.vgw"
                    ],
                    "primary": {
                        "id": "rtb-fd87a785",
                        "attributes": {
                            "id": "rtb-fd87a785",
                            "propagating_vgws.#": "1",
                            "propagating_vgws.3026206708": "vgw-e68b608f",
                            "route.#": "4",
                            "route.1042068637.cidr_block": "10.125.64.0/19",
                            "route.1042068637.egress_only_gateway_id": "",
                            "route.1042068637.gateway_id": "",
                            "route.1042068637.instance_id": "",
                            "route.1042068637.ipv6_cidr_block": "",
                            "route.1042068637.nat_gateway_id": "",
                            "route.1042068637.network_interface_id": "",
                            "route.1042068637.vpc_peering_connection_id": "pcx-dce596b5",
                            "route.135917698.cidr_block": "0.0.0.0/0",
                            "route.135917698.egress_only_gateway_id": "",
                            "route.135917698.gateway_id": "",
                            "route.135917698.instance_id": "",
                            "route.135917698.ipv6_cidr_block": "",
                            "route.135917698.nat_gateway_id": "nat-0f693e956ea874554",
                            "route.135917698.network_interface_id": "",
                            "route.135917698.vpc_peering_connection_id": "",
                            "route.1674860892.cidr_block": "10.125.112.0/20",
                            "route.1674860892.egress_only_gateway_id": "",
                            "route.1674860892.gateway_id": "",
                            "route.1674860892.instance_id": "",
                            "route.1674860892.ipv6_cidr_block": "",
                            "route.1674860892.nat_gateway_id": "",
                            "route.1674860892.network_interface_id": "",
                            "route.1674860892.vpc_peering_connection_id": "pcx-38eb9851",
                            "route.213640996.cidr_block": "10.127.55.7/32",
                            "route.213640996.egress_only_gateway_id": "",
                            "route.213640996.gateway_id": "",
                            "route.213640996.instance_id": "",
                            "route.213640996.ipv6_cidr_block": "",
                            "route.213640996.nat_gateway_id": "",
                            "route.213640996.network_interface_id": "",
                            "route.213640996.vpc_peering_connection_id": "pcx-ccc3b2a5",
                            "tags.%": "5",
                            "tags.Name": "prod-natdc-routetable",
                            "tags.account_name": "jive-reco-prod",
                            "tags.pipeline_phase": "prod",
                            "tags.region": "us-east-1",
                            "tags.sla": "prod",
                            "vpc_id": "vpc-0175e878"
                        },
                        "meta": {},
                        "tainted": false
                    },
                    "deposed": [],
                    "provider": ""
                },
                "aws_route_table.natdc.2": {
                    "type": "aws_route_table",
                    "depends_on": [
                        "aws_nat_gateway.natgw.*",
                        "aws_vpc.main",
                        "aws_vpn_gateway.vgw"
                    ],
                    "primary": {
                        "id": "rtb-368faf4e",
                        "attributes": {
                            "id": "rtb-368faf4e",
                            "propagating_vgws.#": "1",
                            "propagating_vgws.3026206708": "vgw-e68b608f",
                            "route.#": "4",
                            "route.1042068637.cidr_block": "10.125.64.0/19",
                            "route.1042068637.egress_only_gateway_id": "",
                            "route.1042068637.gateway_id": "",
                            "route.1042068637.instance_id": "",
                            "route.1042068637.ipv6_cidr_block": "",
                            "route.1042068637.nat_gateway_id": "",
                            "route.1042068637.network_interface_id": "",
                            "route.1042068637.vpc_peering_connection_id": "pcx-dce596b5",
                            "route.1674860892.cidr_block": "10.125.112.0/20",
                            "route.1674860892.egress_only_gateway_id": "",
                            "route.1674860892.gateway_id": "",
                            "route.1674860892.instance_id": "",
                            "route.1674860892.ipv6_cidr_block": "",
                            "route.1674860892.nat_gateway_id": "",
                            "route.1674860892.network_interface_id": "",
                            "route.1674860892.vpc_peering_connection_id": "pcx-38eb9851",
                            "route.213640996.cidr_block": "10.127.55.7/32",
                            "route.213640996.egress_only_gateway_id": "",
                            "route.213640996.gateway_id": "",
                            "route.213640996.instance_id": "",
                            "route.213640996.ipv6_cidr_block": "",
                            "route.213640996.nat_gateway_id": "",
                            "route.213640996.network_interface_id": "",
                            "route.213640996.vpc_peering_connection_id": "pcx-ccc3b2a5",
                            "route.491015377.cidr_block": "0.0.0.0/0",
                            "route.491015377.egress_only_gateway_id": "",
                            "route.491015377.gateway_id": "",
                            "route.491015377.instance_id": "",
                            "route.491015377.ipv6_cidr_block": "",
                            "route.491015377.nat_gateway_id": "nat-05447dff425827cda",
                            "route.491015377.network_interface_id": "",
                            "route.491015377.vpc_peering_connection_id": "",
                            "tags.%": "5",
                            "tags.Name": "prod-natdc-routetable",
                            "tags.account_name": "jive-reco-prod",
                            "tags.pipeline_phase": "prod",
                            "tags.region": "us-east-1",
                            "tags.sla": "prod",
                            "vpc_id": "vpc-0175e878"
                        },
                        "meta": {},
                        "tainted": false
                    },
                    "deposed": [],
                    "provider": ""
                },
                "aws_route_table.natdc.3": {
                    "type": "aws_route_table",
                    "depends_on": [
                        "aws_nat_gateway.natgw.*",
                        "aws_vpc.main",
                        "aws_vpn_gateway.vgw"
                    ],
                    "primary": {
                        "id": "rtb-7686a60e",
                        "attributes": {
                            "id": "rtb-7686a60e",
                            "propagating_vgws.#": "1",
                            "propagating_vgws.3026206708": "vgw-e68b608f",
                            "route.#": "4",
                            "route.1042068637.cidr_block": "10.125.64.0/19",
                            "route.1042068637.egress_only_gateway_id": "",
                            "route.1042068637.gateway_id": "",
                            "route.1042068637.instance_id": "",
                            "route.1042068637.ipv6_cidr_block": "",
                            "route.1042068637.nat_gateway_id": "",
                            "route.1042068637.network_interface_id": "",
                            "route.1042068637.vpc_peering_connection_id": "pcx-dce596b5",
                            "route.1674860892.cidr_block": "10.125.112.0/20",
                            "route.1674860892.egress_only_gateway_id": "",
                            "route.1674860892.gateway_id": "",
                            "route.1674860892.instance_id": "",
                            "route.1674860892.ipv6_cidr_block": "",
                            "route.1674860892.nat_gateway_id": "",
                            "route.1674860892.network_interface_id": "",
                            "route.1674860892.vpc_peering_connection_id": "pcx-38eb9851",
                            "route.213640996.cidr_block": "10.127.55.7/32",
                            "route.213640996.egress_only_gateway_id": "",
                            "route.213640996.gateway_id": "",
                            "route.213640996.instance_id": "",
                            "route.213640996.ipv6_cidr_block": "",
                            "route.213640996.nat_gateway_id": "",
                            "route.213640996.network_interface_id": "",
                            "route.213640996.vpc_peering_connection_id": "pcx-ccc3b2a5",
                            "route.2164273167.cidr_block": "0.0.0.0/0",
                            "route.2164273167.egress_only_gateway_id": "",
                            "route.2164273167.gateway_id": "",
                            "route.2164273167.instance_id": "",
                            "route.2164273167.ipv6_cidr_block": "",
                            "route.2164273167.nat_gateway_id": "nat-0a8e7572071d69e32",
                            "route.2164273167.network_interface_id": "",
                            "route.2164273167.vpc_peering_connection_id": "",
                            "tags.%": "5",
                            "tags.Name": "prod-natdc-routetable",
                            "tags.account_name": "jive-reco-prod",
                            "tags.pipeline_phase": "prod",
                            "tags.region": "us-east-1",
                            "tags.sla": "prod",
                            "vpc_id": "vpc-0175e878"
                        },
                        "meta": {},
                        "tainted": false
                    },
                    "deposed": [],
                    "provider": ""
                },
                "aws_route_table.natdc.4": {
                    "type": "aws_route_table",
                    "depends_on": [
                        "aws_nat_gateway.natgw.*",
                        "aws_vpc.main",
                        "aws_vpn_gateway.vgw"
                    ],
                    "primary": {
                        "id": "rtb-7f8bab07",
                        "attributes": {
                            "id": "rtb-7f8bab07",
                            "propagating_vgws.#": "1",
                            "propagating_vgws.3026206708": "vgw-e68b608f",
                            "route.#": "4",
                            "route.1042068637.cidr_block": "10.125.64.0/19",
                            "route.1042068637.egress_only_gateway_id": "",
                            "route.1042068637.gateway_id": "",
                            "route.1042068637.instance_id": "",
                            "route.1042068637.ipv6_cidr_block": "",
                            "route.1042068637.nat_gateway_id": "",
                            "route.1042068637.network_interface_id": "",
                            "route.1042068637.vpc_peering_connection_id": "pcx-dce596b5",
                            "route.1674860892.cidr_block": "10.125.112.0/20",
                            "route.1674860892.egress_only_gateway_id": "",
                            "route.1674860892.gateway_id": "",
                            "route.1674860892.instance_id": "",
                            "route.1674860892.ipv6_cidr_block": "",
                            "route.1674860892.nat_gateway_id": "",
                            "route.1674860892.network_interface_id": "",
                            "route.1674860892.vpc_peering_connection_id": "pcx-38eb9851",
                            "route.213640996.cidr_block": "10.127.55.7/32",
                            "route.213640996.egress_only_gateway_id": "",
                            "route.213640996.gateway_id": "",
                            "route.213640996.instance_id": "",
                            "route.213640996.ipv6_cidr_block": "",
                            "route.213640996.nat_gateway_id": "",
                            "route.213640996.network_interface_id": "",
                            "route.213640996.vpc_peering_connection_id": "pcx-ccc3b2a5",
                            "route.3941910272.cidr_block": "0.0.0.0/0",
                            "route.3941910272.egress_only_gateway_id": "",
                            "route.3941910272.gateway_id": "",
                            "route.3941910272.instance_id": "",
                            "route.3941910272.ipv6_cidr_block": "",
                            "route.3941910272.nat_gateway_id": "nat-0bfc46eeb3043b14a",
                            "route.3941910272.network_interface_id": "",
                            "route.3941910272.vpc_peering_connection_id": "",
                            "tags.%": "5",
                            "tags.Name": "prod-natdc-routetable",
                            "tags.account_name": "jive-reco-prod",
                            "tags.pipeline_phase": "prod",
                            "tags.region": "us-east-1",
                            "tags.sla": "prod",
                            "vpc_id": "vpc-0175e878"
                        },
                        "meta": {},
                        "tainted": false
                    },
                    "deposed": [],
                    "provider": ""
                },
                "aws_route_table.private": {
                    "type": "aws_route_table",
                    "depends_on": [
                        "aws_vpc.main"
                    ],
                    "primary": {
                        "id": "rtb-ce8aaab6",
                        "attributes": {
                            "id": "rtb-ce8aaab6",
                            "propagating_vgws.#": "0",
                            "route.#": "3",
                            "route.1042068637.cidr_block": "10.125.64.0/19",
                            "route.1042068637.egress_only_gateway_id": "",
                            "route.1042068637.gateway_id": "",
                            "route.1042068637.instance_id": "",
                            "route.1042068637.ipv6_cidr_block": "",
                            "route.1042068637.nat_gateway_id": "",
                            "route.1042068637.network_interface_id": "",
                            "route.1042068637.vpc_peering_connection_id": "pcx-dce596b5",
                            "route.1674860892.cidr_block": "10.125.112.0/20",
                            "route.1674860892.egress_only_gateway_id": "",
                            "route.1674860892.gateway_id": "",
                            "route.1674860892.instance_id": "",
                            "route.1674860892.ipv6_cidr_block": "",
                            "route.1674860892.nat_gateway_id": "",
                            "route.1674860892.network_interface_id": "",
                            "route.1674860892.vpc_peering_connection_id": "pcx-38eb9851",
                            "route.213640996.cidr_block": "10.127.55.7/32",
                            "route.213640996.egress_only_gateway_id": "",
                            "route.213640996.gateway_id": "",
                            "route.213640996.instance_id": "",
                            "route.213640996.ipv6_cidr_block": "",
                            "route.213640996.nat_gateway_id": "",
                            "route.213640996.network_interface_id": "",
                            "route.213640996.vpc_peering_connection_id": "pcx-ccc3b2a5",
                            "tags.%": "5",
                            "tags.Name": "prod-private-routetable",
                            "tags.account_name": "jive-reco-prod",
                            "tags.pipeline_phase": "prod",
                            "tags.region": "us-east-1",
                            "tags.sla": "prod",
                            "vpc_id": "vpc-0175e878"
                        },
                        "meta": {},
                        "tainted": false
                    },
                    "deposed": [],
                    "provider": ""
                },
                "aws_route_table.public": {
                    "type": "aws_route_table",
                    "depends_on": [
                        "aws_internet_gateway.igw",
                        "aws_vpc.main"
                    ],
                    "primary": {
                        "id": "rtb-3c8faf44",
                        "attributes": {
                            "id": "rtb-3c8faf44",
                            "propagating_vgws.#": "0",
                            "route.#": "4",
                            "route.1042068637.cidr_block": "10.125.64.0/19",
                            "route.1042068637.egress_only_gateway_id": "",
                            "route.1042068637.gateway_id": "",
                            "route.1042068637.instance_id": "",
                            "route.1042068637.ipv6_cidr_block": "",
                            "route.1042068637.nat_gateway_id": "",
                            "route.1042068637.network_interface_id": "",
                            "route.1042068637.vpc_peering_connection_id": "pcx-dce596b5",
                            "route.1674860892.cidr_block": "10.125.112.0/20",
                            "route.1674860892.egress_only_gateway_id": "",
                            "route.1674860892.gateway_id": "",
                            "route.1674860892.instance_id": "",
                            "route.1674860892.ipv6_cidr_block": "",
                            "route.1674860892.nat_gateway_id": "",
                            "route.1674860892.network_interface_id": "",
                            "route.1674860892.vpc_peering_connection_id": "pcx-38eb9851",
                            "route.213640996.cidr_block": "10.127.55.7/32",
                            "route.213640996.egress_only_gateway_id": "",
                            "route.213640996.gateway_id": "",
                            "route.213640996.instance_id": "",
                            "route.213640996.ipv6_cidr_block": "",
                            "route.213640996.nat_gateway_id": "",
                            "route.213640996.network_interface_id": "",
                            "route.213640996.vpc_peering_connection_id": "pcx-ccc3b2a5",
                            "route.2910683893.cidr_block": "0.0.0.0/0",
                            "route.2910683893.egress_only_gateway_id": "",
                            "route.2910683893.gateway_id": "igw-973f7df1",
                            "route.2910683893.instance_id": "",
                            "route.2910683893.ipv6_cidr_block": "",
                            "route.2910683893.nat_gateway_id": "",
                            "route.2910683893.network_interface_id": "",
                            "route.2910683893.vpc_peering_connection_id": "",
                            "tags.%": "6",
                            "tags.KubernetesCluster": "us-east-1_jive-reco-prod",
                            "tags.Name": "prod-public-routetable",
                            "tags.account_name": "jive-reco-prod",
                            "tags.pipeline_phase": "prod",
                            "tags.region": "us-east-1",
                            "tags.sla": "prod",
                            "vpc_id": "vpc-0175e878"
                        },
                        "meta": {},
                        "tainted": false
                    },
                    "deposed": [],
                    "provider": ""
                },
                "aws_route_table_association.natdc.0": {
                    "type": "aws_route_table_association",
                    "depends_on": [
                        "aws_route_table.natdc.*",
                        "aws_subnet.natdc.*"
                    ],
                    "primary": {
                        "id": "rtbassoc-00a5b67b",
                        "attributes": {
                            "id": "rtbassoc-00a5b67b",
                            "route_table_id": "rtb-e98cac91",
                            "subnet_id": "subnet-7d25a927"
                        },
                        "meta": {},
                        "tainted": false
                    },
                    "deposed": [],
                    "provider": ""
                },
                "aws_route_table_association.natdc.1": {
                    "type": "aws_route_table_association",
                    "depends_on": [
                        "aws_route_table.natdc.*",
                        "aws_subnet.natdc.*"
                    ],
                    "primary": {
                        "id": "rtbassoc-59aab922",
                        "attributes": {
                            "id": "rtbassoc-59aab922",
                            "route_table_id": "rtb-fd87a785",
                            "subnet_id": "subnet-ef28cc8b"
                        },
                        "meta": {},
                        "tainted": false
                    },
                    "deposed": [],
                    "provider": ""
                },
                "aws_route_table_association.natdc.2": {
                    "type": "aws_route_table_association",
                    "depends_on": [
                        "aws_route_table.natdc.*",
                        "aws_subnet.natdc.*"
                    ],
                    "primary": {
                        "id": "rtbassoc-dfa4b7a4",
                        "attributes": {
                            "id": "rtbassoc-dfa4b7a4",
                            "route_table_id": "rtb-368faf4e",
                            "subnet_id": "subnet-1d6df931"
                        },
                        "meta": {},
                        "tainted": false
                    },
                    "deposed": [],
                    "provider": ""
                },
                "aws_route_table_association.natdc.3": {
                    "type": "aws_route_table_association",
                    "depends_on": [
                        "aws_route_table.natdc.*",
                        "aws_subnet.natdc.*"
                    ],
                    "primary": {
                        "id": "rtbassoc-63a8bb18",
                        "attributes": {
                            "id": "rtbassoc-63a8bb18",
                            "route_table_id": "rtb-7686a60e",
                            "subnet_id": "subnet-c43b3df8"
                        },
                        "meta": {},
                        "tainted": false
                    },
                    "deposed": [],
                    "provider": ""
                },
                "aws_route_table_association.natdc.4": {
                    "type": "aws_route_table_association",
                    "depends_on": [
                        "aws_route_table.natdc.*",
                        "aws_subnet.natdc.*"
                    ],
                    "primary": {
                        "id": "rtbassoc-d8a4b7a3",
                        "attributes": {
                            "id": "rtbassoc-d8a4b7a3",
                            "route_table_id": "rtb-7f8bab07",
                            "subnet_id": "subnet-bc450af4"
                        },
                        "meta": {},
                        "tainted": false
                    },
                    "deposed": [],
                    "provider": ""
                },
                "aws_route_table_association.private.0": {
                    "type": "aws_route_table_association",
                    "depends_on": [
                        "aws_route_table.private",
                        "aws_subnet.private.*"
                    ],
                    "primary": {
                        "id": "rtbassoc-3da9ba46",
                        "attributes": {
                            "id": "rtbassoc-3da9ba46",
                            "route_table_id": "rtb-ce8aaab6",
                            "subnet_id": "subnet-8f4609c7"
                        },
                        "meta": {},
                        "tainted": false
                    },
                    "deposed": [],
                    "provider": ""
                },
                "aws_route_table_association.private.1": {
                    "type": "aws_route_table_association",
                    "depends_on": [
                        "aws_route_table.private",
                        "aws_subnet.private.*"
                    ],
                    "primary": {
                        "id": "rtbassoc-18abb863",
                        "attributes": {
                            "id": "rtbassoc-18abb863",
                            "route_table_id": "rtb-ce8aaab6",
                            "subnet_id": "subnet-2a2aa670"
                        },
                        "meta": {},
                        "tainted": false
                    },
                    "deposed": [],
                    "provider": ""
                },
                "aws_route_table_association.private.2": {
                    "type": "aws_route_table_association",
                    "depends_on": [
                        "aws_route_table.private",
                        "aws_subnet.private.*"
                    ],
                    "primary": {
                        "id": "rtbassoc-19abb862",
                        "attributes": {
                            "id": "rtbassoc-19abb862",
                            "route_table_id": "rtb-ce8aaab6",
                            "subnet_id": "subnet-7f35d11b"
                        },
                        "meta": {},
                        "tainted": false
                    },
                    "deposed": [],
                    "provider": ""
                },
                "aws_route_table_association.private.3": {
                    "type": "aws_route_table_association",
                    "depends_on": [
                        "aws_route_table.private",
                        "aws_subnet.private.*"
                    ],
                    "primary": {
                        "id": "rtbassoc-09a5b672",
                        "attributes": {
                            "id": "rtbassoc-09a5b672",
                            "route_table_id": "rtb-ce8aaab6",
                            "subnet_id": "subnet-056ffb29"
                        },
                        "meta": {},
                        "tainted": false
                    },
                    "deposed": [],
                    "provider": ""
                },
                "aws_route_table_association.private.4": {
                    "type": "aws_route_table_association",
                    "depends_on": [
                        "aws_route_table.private",
                        "aws_subnet.private.*"
                    ],
                    "primary": {
                        "id": "rtbassoc-5ba7b420",
                        "attributes": {
                            "id": "rtbassoc-5ba7b420",
                            "route_table_id": "rtb-ce8aaab6",
                            "subnet_id": "subnet-493c3a75"
                        },
                        "meta": {},
                        "tainted": false
                    },
                    "deposed": [],
                    "provider": ""
                },
                "aws_route_table_association.public.0": {
                    "type": "aws_route_table_association",
                    "depends_on": [
                        "aws_route_table.public",
                        "aws_subnet.public.*"
                    ],
                    "primary": {
                        "id": "rtbassoc-cca6b5b7",
                        "attributes": {
                            "id": "rtbassoc-cca6b5b7",
                            "route_table_id": "rtb-3c8faf44",
                            "subnet_id": "subnet-795b1431"
                        },
                        "meta": {},
                        "tainted": false
                    },
                    "deposed": [],
                    "provider": ""
                },
                "aws_route_table_association.public.1": {
                    "type": "aws_route_table_association",
                    "depends_on": [
                        "aws_route_table.public",
                        "aws_subnet.public.*"
                    ],
                    "primary": {
                        "id": "rtbassoc-9daab9e6",
                        "attributes": {
                            "id": "rtbassoc-9daab9e6",
                            "route_table_id": "rtb-3c8faf44",
                            "subnet_id": "subnet-3f3eb265"
                        },
                        "meta": {},
                        "tainted": false
                    },
                    "deposed": [],
                    "provider": ""
                },
                "aws_route_table_association.public.2": {
                    "type": "aws_route_table_association",
                    "depends_on": [
                        "aws_route_table.public",
                        "aws_subnet.public.*"
                    ],
                    "primary": {
                        "id": "rtbassoc-5aa7b421",
                        "attributes": {
                            "id": "rtbassoc-5aa7b421",
                            "route_table_id": "rtb-3c8faf44",
                            "subnet_id": "subnet-7523c711"
                        },
                        "meta": {},
                        "tainted": false
                    },
                    "deposed": [],
                    "provider": ""
                },
                "aws_route_table_association.public.3": {
                    "type": "aws_route_table_association",
                    "depends_on": [
                        "aws_route_table.public",
                        "aws_subnet.public.*"
                    ],
                    "primary": {
                        "id": "rtbassoc-0ba0b370",
                        "attributes": {
                            "id": "rtbassoc-0ba0b370",
                            "route_table_id": "rtb-3c8faf44",
                            "subnet_id": "subnet-cb6cf8e7"
                        },
                        "meta": {},
                        "tainted": false
                    },
                    "deposed": [],
                    "provider": ""
                },
                "aws_route_table_association.public.4": {
                    "type": "aws_route_table_association",
                    "depends_on": [
                        "aws_route_table.public",
                        "aws_subnet.public.*"
                    ],
                    "primary": {
                        "id": "rtbassoc-6fa5b614",
                        "attributes": {
                            "id": "rtbassoc-6fa5b614",
                            "route_table_id": "rtb-3c8faf44",
                            "subnet_id": "subnet-b43b3d88"
                        },
                        "meta": {},
                        "tainted": false
                    },
                    "deposed": [],
                    "provider": ""
                },
                "aws_security_group.admin_instance": {
                    "type": "aws_security_group",
                    "depends_on": [
                        "aws_vpc.main"
                    ],
                    "primary": {
                        "id": "sg-eec4bc9f",
                        "attributes": {
                            "description": "Admin instances for the VPC",
                            "egress.#": "0",
                            "id": "sg-eec4bc9f",
                            "ingress.#": "0",
                            "name": "prod-admin-instance",
                            "owner_id": "870846026232",
                            "tags.%": "5",
                            "tags.account_name": "jive-reco-prod",
                            "tags.name": "prod-admin-instance",
                            "tags.pipeline_phase": "prod",
                            "tags.region": "us-east-1",
                            "tags.sla": "prod",
                            "vpc_id": "vpc-0175e878"
                        },
                        "meta": {},
                        "tainted": false
                    },
                    "deposed": [],
                    "provider": ""
                },
                "aws_security_group.env_instance": {
                    "type": "aws_security_group",
                    "depends_on": [
                        "aws_vpc.main",
                        "data.aws_security_group.bastion"
                    ],
                    "primary": {
                        "id": "sg-4ac4bc3b",
                        "attributes": {
                            "description": "All instances within the evironment",
                            "egress.#": "1",
                            "egress.482069346.cidr_blocks.#": "1",
                            "egress.482069346.cidr_blocks.0": "0.0.0.0/0",
                            "egress.482069346.from_port": "0",
                            "egress.482069346.ipv6_cidr_blocks.#": "0",
                            "egress.482069346.prefix_list_ids.#": "0",
                            "egress.482069346.protocol": "-1",
                            "egress.482069346.security_groups.#": "0",
                            "egress.482069346.self": "false",
                            "egress.482069346.to_port": "0",
                            "id": "sg-4ac4bc3b",
                            "ingress.#": "2",
                            "ingress.2844841903.cidr_blocks.#": "0",
                            "ingress.2844841903.from_port": "8",
                            "ingress.2844841903.ipv6_cidr_blocks.#": "0",
                            "ingress.2844841903.protocol": "icmp",
                            "ingress.2844841903.security_groups.#": "1",
                            "ingress.2844841903.security_groups.2978991085": "sg-bf4931ce",
                            "ingress.2844841903.self": "false",
                            "ingress.2844841903.to_port": "0",
                            "ingress.350488588.cidr_blocks.#": "0",
                            "ingress.350488588.from_port": "22",
                            "ingress.350488588.ipv6_cidr_blocks.#": "0",
                            "ingress.350488588.protocol": "tcp",
                            "ingress.350488588.security_groups.#": "1",
                            "ingress.350488588.security_groups.2978991085": "sg-bf4931ce",
                            "ingress.350488588.self": "false",
                            "ingress.350488588.to_port": "22",
                            "name": "prod-instance",
                            "owner_id": "870846026232",
                            "tags.%": "5",
                            "tags.account_name": "jive-reco-prod",
                            "tags.name": "prod-instance",
                            "tags.pipeline_phase": "prod",
                            "tags.region": "us-east-1",
                            "tags.sla": "prod",
                            "vpc_id": "vpc-0175e878"
                        },
                        "meta": {},
                        "tainted": false
                    },
                    "deposed": [],
                    "provider": ""
                },
                "aws_security_group.natgw_instance": {
                    "type": "aws_security_group",
                    "depends_on": [
                        "aws_security_group.env_instance",
                        "aws_vpc.main"
                    ],
                    "primary": {
                        "id": "sg-b43c47c5",
                        "attributes": {
                            "description": "Members of this SG are allowed to send any type of traffic to the NAT Box.",
                            "egress.#": "0",
                            "id": "sg-b43c47c5",
                            "ingress.#": "1",
                            "ingress.1096081133.cidr_blocks.#": "0",
                            "ingress.1096081133.from_port": "0",
                            "ingress.1096081133.ipv6_cidr_blocks.#": "0",
                            "ingress.1096081133.protocol": "-1",
                            "ingress.1096081133.security_groups.#": "1",
                            "ingress.1096081133.security_groups.908896562": "sg-4ac4bc3b",
                            "ingress.1096081133.self": "false",
                            "ingress.1096081133.to_port": "0",
                            "name": "prod-natgw-instance",
                            "owner_id": "870846026232",
                            "tags.%": "5",
                            "tags.account_name": "jive-reco-prod",
                            "tags.name": "prod-natgw-instance",
                            "tags.pipeline_phase": "prod",
                            "tags.region": "us-east-1",
                            "tags.sla": "prod",
                            "vpc_id": "vpc-0175e878"
                        },
                        "meta": {},
                        "tainted": false
                    },
                    "deposed": [],
                    "provider": ""
                },
                "aws_subnet.natdc.0": {
                    "type": "aws_subnet",
                    "depends_on": [
                        "aws_vpc.main"
                    ],
                    "primary": {
                        "id": "subnet-bc450af4",
                        "attributes": {
                            "assign_ipv6_address_on_creation": "false",
                            "availability_zone": "us-east-1a",
                            "cidr_block": "10.126.112.0/23",
                            "id": "subnet-bc450af4",
                            "map_public_ip_on_launch": "false",
                            "tags.%": "5",
                            "tags.Name": "prod-natdc-subnet",
                            "tags.account_name": "jive-reco-prod",
                            "tags.pipeline_phase": "prod",
                            "tags.region": "us-east-1",
                            "tags.sla": "prod",
                            "vpc_id": "vpc-0175e878"
                        },
                        "meta": {
                            "schema_version": "1"
                        },
                        "tainted": false
                    },
                    "deposed": [],
                    "provider": ""
                },
                "aws_subnet.natdc.1": {
                    "type": "aws_subnet",
                    "depends_on": [
                        "aws_vpc.main"
                    ],
                    "primary": {
                        "id": "subnet-7d25a927",
                        "attributes": {
                            "assign_ipv6_address_on_creation": "false",
                            "availability_zone": "us-east-1b",
                            "cidr_block": "10.126.114.0/23",
                            "id": "subnet-7d25a927",
                            "map_public_ip_on_launch": "false",
                            "tags.%": "5",
                            "tags.Name": "prod-natdc-subnet",
                            "tags.account_name": "jive-reco-prod",
                            "tags.pipeline_phase": "prod",
                            "tags.region": "us-east-1",
                            "tags.sla": "prod",
                            "vpc_id": "vpc-0175e878"
                        },
                        "meta": {
                            "schema_version": "1"
                        },
                        "tainted": false
                    },
                    "deposed": [],
                    "provider": ""
                },
                "aws_subnet.natdc.2": {
                    "type": "aws_subnet",
                    "depends_on": [
                        "aws_vpc.main"
                    ],
                    "primary": {
                        "id": "subnet-ef28cc8b",
                        "attributes": {
                            "assign_ipv6_address_on_creation": "false",
                            "availability_zone": "us-east-1c",
                            "cidr_block": "10.126.116.0/23",
                            "id": "subnet-ef28cc8b",
                            "map_public_ip_on_launch": "false",
                            "tags.%": "5",
                            "tags.Name": "prod-natdc-subnet",
                            "tags.account_name": "jive-reco-prod",
                            "tags.pipeline_phase": "prod",
                            "tags.region": "us-east-1",
                            "tags.sla": "prod",
                            "vpc_id": "vpc-0175e878"
                        },
                        "meta": {
                            "schema_version": "1"
                        },
                        "tainted": false
                    },
                    "deposed": [],
                    "provider": ""
                },
                "aws_subnet.natdc.3": {
                    "type": "aws_subnet",
                    "depends_on": [
                        "aws_vpc.main"
                    ],
                    "primary": {
                        "id": "subnet-1d6df931",
                        "attributes": {
                            "assign_ipv6_address_on_creation": "false",
                            "availability_zone": "us-east-1d",
                            "cidr_block": "10.126.118.0/23",
                            "id": "subnet-1d6df931",
                            "map_public_ip_on_launch": "false",
                            "tags.%": "5",
                            "tags.Name": "prod-natdc-subnet",
                            "tags.account_name": "jive-reco-prod",
                            "tags.pipeline_phase": "prod",
                            "tags.region": "us-east-1",
                            "tags.sla": "prod",
                            "vpc_id": "vpc-0175e878"
                        },
                        "meta": {
                            "schema_version": "1"
                        },
                        "tainted": false
                    },
                    "deposed": [],
                    "provider": ""
                },
                "aws_subnet.natdc.4": {
                    "type": "aws_subnet",
                    "depends_on": [
                        "aws_vpc.main"
                    ],
                    "primary": {
                        "id": "subnet-c43b3df8",
                        "attributes": {
                            "assign_ipv6_address_on_creation": "false",
                            "availability_zone": "us-east-1e",
                            "cidr_block": "10.126.120.0/23",
                            "id": "subnet-c43b3df8",
                            "map_public_ip_on_launch": "false",
                            "tags.%": "5",
                            "tags.Name": "prod-natdc-subnet",
                            "tags.account_name": "jive-reco-prod",
                            "tags.pipeline_phase": "prod",
                            "tags.region": "us-east-1",
                            "tags.sla": "prod",
                            "vpc_id": "vpc-0175e878"
                        },
                        "meta": {
                            "schema_version": "1"
                        },
                        "tainted": false
                    },
                    "deposed": [],
                    "provider": ""
                },
                "aws_subnet.private.0": {
                    "type": "aws_subnet",
                    "depends_on": [
                        "aws_vpc.main"
                    ],
                    "primary": {
                        "id": "subnet-8f4609c7",
                        "attributes": {
                            "assign_ipv6_address_on_creation": "false",
                            "availability_zone": "us-east-1a",
                            "cidr_block": "10.126.124.128/25",
                            "id": "subnet-8f4609c7",
                            "map_public_ip_on_launch": "false",
                            "tags.%": "5",
                            "tags.Name": "prod-private-subnet",
                            "tags.account_name": "jive-reco-prod",
                            "tags.pipeline_phase": "prod",
                            "tags.region": "us-east-1",
                            "tags.sla": "prod",
                            "vpc_id": "vpc-0175e878"
                        },
                        "meta": {
                            "schema_version": "1"
                        },
                        "tainted": false
                    },
                    "deposed": [],
                    "provider": ""
                },
                "aws_subnet.private.1": {
                    "type": "aws_subnet",
                    "depends_on": [
                        "aws_vpc.main"
                    ],
                    "primary": {
                        "id": "subnet-2a2aa670",
                        "attributes": {
                            "assign_ipv6_address_on_creation": "false",
                            "availability_zone": "us-east-1b",
                            "cidr_block": "10.126.125.0/25",
                            "id": "subnet-2a2aa670",
                            "map_public_ip_on_launch": "false",
                            "tags.%": "5",
                            "tags.Name": "prod-private-subnet",
                            "tags.account_name": "jive-reco-prod",
                            "tags.pipeline_phase": "prod",
                            "tags.region": "us-east-1",
                            "tags.sla": "prod",
                            "vpc_id": "vpc-0175e878"
                        },
                        "meta": {
                            "schema_version": "1"
                        },
                        "tainted": false
                    },
                    "deposed": [],
                    "provider": ""
                },
                "aws_subnet.private.2": {
                    "type": "aws_subnet",
                    "depends_on": [
                        "aws_vpc.main"
                    ],
                    "primary": {
                        "id": "subnet-7f35d11b",
                        "attributes": {
                            "assign_ipv6_address_on_creation": "false",
                            "availability_zone": "us-east-1c",
                            "cidr_block": "10.126.125.128/25",
                            "id": "subnet-7f35d11b",
                            "map_public_ip_on_launch": "false",
                            "tags.%": "5",
                            "tags.Name": "prod-private-subnet",
                            "tags.account_name": "jive-reco-prod",
                            "tags.pipeline_phase": "prod",
                            "tags.region": "us-east-1",
                            "tags.sla": "prod",
                            "vpc_id": "vpc-0175e878"
                        },
                        "meta": {
                            "schema_version": "1"
                        },
                        "tainted": false
                    },
                    "deposed": [],
                    "provider": ""
                },
                "aws_subnet.private.3": {
                    "type": "aws_subnet",
                    "depends_on": [
                        "aws_vpc.main"
                    ],
                    "primary": {
                        "id": "subnet-056ffb29",
                        "attributes": {
                            "assign_ipv6_address_on_creation": "false",
                            "availability_zone": "us-east-1d",
                            "cidr_block": "10.126.126.0/25",
                            "id": "subnet-056ffb29",
                            "map_public_ip_on_launch": "false",
                            "tags.%": "5",
                            "tags.Name": "prod-private-subnet",
                            "tags.account_name": "jive-reco-prod",
                            "tags.pipeline_phase": "prod",
                            "tags.region": "us-east-1",
                            "tags.sla": "prod",
                            "vpc_id": "vpc-0175e878"
                        },
                        "meta": {
                            "schema_version": "1"
                        },
                        "tainted": false
                    },
                    "deposed": [],
                    "provider": ""
                },
                "aws_subnet.private.4": {
                    "type": "aws_subnet",
                    "depends_on": [
                        "aws_vpc.main"
                    ],
                    "primary": {
                        "id": "subnet-493c3a75",
                        "attributes": {
                            "assign_ipv6_address_on_creation": "false",
                            "availability_zone": "us-east-1e",
                            "cidr_block": "10.126.126.128/25",
                            "id": "subnet-493c3a75",
                            "map_public_ip_on_launch": "false",
                            "tags.%": "5",
                            "tags.Name": "prod-private-subnet",
                            "tags.account_name": "jive-reco-prod",
                            "tags.pipeline_phase": "prod",
                            "tags.region": "us-east-1",
                            "tags.sla": "prod",
                            "vpc_id": "vpc-0175e878"
                        },
                        "meta": {
                            "schema_version": "1"
                        },
                        "tainted": false
                    },
                    "deposed": [],
                    "provider": ""
                },
                "aws_subnet.public.0": {
                    "type": "aws_subnet",
                    "depends_on": [
                        "aws_vpc.main"
                    ],
                    "primary": {
                        "id": "subnet-795b1431",
                        "attributes": {
                            "assign_ipv6_address_on_creation": "false",
                            "availability_zone": "us-east-1a",
                            "cidr_block": "10.126.122.0/25",
                            "id": "subnet-795b1431",
                            "map_public_ip_on_launch": "false",
                            "tags.%": "6",
                            "tags.KubernetesCluster": "us-east-1_jive-reco-prod",
                            "tags.Name": "prod-public-subnet",
                            "tags.account_name": "jive-reco-prod",
                            "tags.pipeline_phase": "prod",
                            "tags.region": "us-east-1",
                            "tags.sla": "prod",
                            "vpc_id": "vpc-0175e878"
                        },
                        "meta": {
                            "schema_version": "1"
                        },
                        "tainted": false
                    },
                    "deposed": [],
                    "provider": ""
                },
                "aws_subnet.public.1": {
                    "type": "aws_subnet",
                    "depends_on": [
                        "aws_vpc.main"
                    ],
                    "primary": {
                        "id": "subnet-3f3eb265",
                        "attributes": {
                            "assign_ipv6_address_on_creation": "false",
                            "availability_zone": "us-east-1b",
                            "cidr_block": "10.126.122.128/25",
                            "id": "subnet-3f3eb265",
                            "map_public_ip_on_launch": "false",
                            "tags.%": "6",
                            "tags.KubernetesCluster": "us-east-1_jive-reco-prod",
                            "tags.Name": "prod-public-subnet",
                            "tags.account_name": "jive-reco-prod",
                            "tags.pipeline_phase": "prod",
                            "tags.region": "us-east-1",
                            "tags.sla": "prod",
                            "vpc_id": "vpc-0175e878"
                        },
                        "meta": {
                            "schema_version": "1"
                        },
                        "tainted": false
                    },
                    "deposed": [],
                    "provider": ""
                },
                "aws_subnet.public.2": {
                    "type": "aws_subnet",
                    "depends_on": [
                        "aws_vpc.main"
                    ],
                    "primary": {
                        "id": "subnet-7523c711",
                        "attributes": {
                            "assign_ipv6_address_on_creation": "false",
                            "availability_zone": "us-east-1c",
                            "cidr_block": "10.126.123.0/25",
                            "id": "subnet-7523c711",
                            "map_public_ip_on_launch": "false",
                            "tags.%": "6",
                            "tags.KubernetesCluster": "us-east-1_jive-reco-prod",
                            "tags.Name": "prod-public-subnet",
                            "tags.account_name": "jive-reco-prod",
                            "tags.pipeline_phase": "prod",
                            "tags.region": "us-east-1",
                            "tags.sla": "prod",
                            "vpc_id": "vpc-0175e878"
                        },
                        "meta": {
                            "schema_version": "1"
                        },
                        "tainted": false
                    },
                    "deposed": [],
                    "provider": ""
                },
                "aws_subnet.public.3": {
                    "type": "aws_subnet",
                    "depends_on": [
                        "aws_vpc.main"
                    ],
                    "primary": {
                        "id": "subnet-cb6cf8e7",
                        "attributes": {
                            "assign_ipv6_address_on_creation": "false",
                            "availability_zone": "us-east-1d",
                            "cidr_block": "10.126.123.128/25",
                            "id": "subnet-cb6cf8e7",
                            "map_public_ip_on_launch": "false",
                            "tags.%": "6",
                            "tags.KubernetesCluster": "us-east-1_jive-reco-prod",
                            "tags.Name": "prod-public-subnet",
                            "tags.account_name": "jive-reco-prod",
                            "tags.pipeline_phase": "prod",
                            "tags.region": "us-east-1",
                            "tags.sla": "prod",
                            "vpc_id": "vpc-0175e878"
                        },
                        "meta": {
                            "schema_version": "1"
                        },
                        "tainted": false
                    },
                    "deposed": [],
                    "provider": ""
                },
                "aws_subnet.public.4": {
                    "type": "aws_subnet",
                    "depends_on": [
                        "aws_vpc.main"
                    ],
                    "primary": {
                        "id": "subnet-b43b3d88",
                        "attributes": {
                            "assign_ipv6_address_on_creation": "false",
                            "availability_zone": "us-east-1e",
                            "cidr_block": "10.126.124.0/25",
                            "id": "subnet-b43b3d88",
                            "map_public_ip_on_launch": "false",
                            "tags.%": "6",
                            "tags.KubernetesCluster": "us-east-1_jive-reco-prod",
                            "tags.Name": "prod-public-subnet",
                            "tags.account_name": "jive-reco-prod",
                            "tags.pipeline_phase": "prod",
                            "tags.region": "us-east-1",
                            "tags.sla": "prod",
                            "vpc_id": "vpc-0175e878"
                        },
                        "meta": {
                            "schema_version": "1"
                        },
                        "tainted": false
                    },
                    "deposed": [],
                    "provider": ""
                },
                "aws_vpc.main": {
                    "type": "aws_vpc",
                    "depends_on": [],
                    "primary": {
                        "id": "vpc-0175e878",
                        "attributes": {
                            "assign_generated_ipv6_cidr_block": "false",
                            "cidr_block": "10.126.112.0/20",
                            "default_network_acl_id": "acl-915255e8",
                            "default_route_table_id": "rtb-f28cac8a",
                            "default_security_group_id": "sg-6d38431c",
                            "dhcp_options_id": "dopt-6d465608",
                            "enable_classiclink": "false",
                            "enable_dns_hostnames": "true",
                            "enable_dns_support": "true",
                            "id": "vpc-0175e878",
                            "instance_tenancy": "default",
                            "main_route_table_id": "rtb-f28cac8a",
                            "tags.%": "5",
                            "tags.Name": "prod-vpc",
                            "tags.account_name": "jive-reco-prod",
                            "tags.pipeline_phase": "prod",
                            "tags.region": "us-east-1",
                            "tags.sla": "prod"
                        },
                        "meta": {
                            "schema_version": "1"
                        },
                        "tainted": false
                    },
                    "deposed": [],
                    "provider": ""
                },
                "aws_vpc_peering_connection.infra": {
                    "type": "aws_vpc_peering_connection",
                    "depends_on": [
                        "aws_vpc.main"
                    ],
                    "primary": {
                        "id": "pcx-ccc3b2a5",
                        "attributes": {
                            "accept_status": "active",
                            "accepter.#": "1",
                            "accepter.3244290774.allow_classic_link_to_remote_vpc": "false",
                            "accepter.3244290774.allow_remote_vpc_dns_resolution": "false",
                            "accepter.3244290774.allow_vpc_to_remote_classic_link": "false",
                            "auto_accept": "true",
                            "id": "pcx-ccc3b2a5",
                            "peer_owner_id": "870846026232",
                            "peer_vpc_id": "vpc-4a5ec333",
                            "requester.#": "1",
                            "requester.3244290774.allow_classic_link_to_remote_vpc": "false",
                            "requester.3244290774.allow_remote_vpc_dns_resolution": "false",
                            "requester.3244290774.allow_vpc_to_remote_classic_link": "false",
                            "tags.%": "5",
                            "tags.Name": "prod_to_infra-jive-reco-prod",
                            "tags.account_name": "jive-reco-prod",
                            "tags.pipeline_phase": "prod",
                            "tags.region": "us-east-1",
                            "tags.sla": "prod",
                            "vpc_id": "vpc-0175e878"
                        },
                        "meta": {},
                        "tainted": false
                    },
                    "deposed": [],
                    "provider": ""
                },
                "aws_vpn_connection.main": {
                    "type": "aws_vpn_connection",
                    "depends_on": [
                        "aws_vpn_gateway.vgw"
                    ],
                    "primary": {
                        "id": "vpn-ce6073af",
                        "attributes": {
                            "customer_gateway_configuration": "\u003c?xml version=\"1.0\" encoding=\"UTF-8\"?\u003e\n\u003cvpn_connection id=\"vpn-ce6073af\"\u003e\n  \u003ccustomer_gateway_id\u003ecgw-a19a71c8\u003c/customer_gateway_id\u003e\n  \u003cvpn_gateway_id\u003evgw-e68b608f\u003c/vpn_gateway_id\u003e\n  \u003cvpn_connection_type\u003eipsec.1\u003c/vpn_connection_type\u003e\n  \u003cipsec_tunnel\u003e\n    \u003ccustomer_gateway\u003e\n      \u003ctunnel_outside_address\u003e\n        \u003cip_address\u003e204.93.64.130\u003c/ip_address\u003e\n      \u003c/tunnel_outside_address\u003e\n      \u003ctunnel_inside_address\u003e\n        \u003cip_address\u003e169.254.47.74\u003c/ip_address\u003e\n        \u003cnetwork_mask\u003e255.255.255.252\u003c/network_mask\u003e\n        \u003cnetwork_cidr\u003e30\u003c/network_cidr\u003e\n      \u003c/tunnel_inside_address\u003e\n      \u003cbgp\u003e\n        \u003casn\u003e13364\u003c/asn\u003e\n        \u003chold_time\u003e30\u003c/hold_time\u003e\n      \u003c/bgp\u003e\n    \u003c/customer_gateway\u003e\n    \u003cvpn_gateway\u003e\n      \u003ctunnel_outside_address\u003e\n        \u003cip_address\u003e34.192.221.3\u003c/ip_address\u003e\n      \u003c/tunnel_outside_address\u003e\n      \u003ctunnel_inside_address\u003e\n        \u003cip_address\u003e169.254.47.73\u003c/ip_address\u003e\n        \u003cnetwork_mask\u003e255.255.255.252\u003c/network_mask\u003e\n        \u003cnetwork_cidr\u003e30\u003c/network_cidr\u003e\n      \u003c/tunnel_inside_address\u003e\n      \u003cbgp\u003e\n        \u003casn\u003e7224\u003c/asn\u003e\n        \u003chold_time\u003e30\u003c/hold_time\u003e\n      \u003c/bgp\u003e\n    \u003c/vpn_gateway\u003e\n    \u003cike\u003e\n      \u003cauthentication_protocol\u003esha1\u003c/authentication_protocol\u003e\n      \u003cencryption_protocol\u003eaes-128-cbc\u003c/encryption_protocol\u003e\n      \u003clifetime\u003e28800\u003c/lifetime\u003e\n      \u003cperfect_forward_secrecy\u003egroup2\u003c/perfect_forward_secrecy\u003e\n      \u003cmode\u003emain\u003c/mode\u003e\n      \u003cpre_shared_key\u003em8i.Ja9j6mVQQELH8U_T_ka1pzLgiT1U\u003c/pre_shared_key\u003e\n    \u003c/ike\u003e\n    \u003cipsec\u003e\n      \u003cprotocol\u003eesp\u003c/protocol\u003e\n      \u003cauthentication_protocol\u003ehmac-sha1-96\u003c/authentication_protocol\u003e\n      \u003cencryption_protocol\u003eaes-128-cbc\u003c/encryption_protocol\u003e\n      \u003clifetime\u003e3600\u003c/lifetime\u003e\n      \u003cperfect_forward_secrecy\u003egroup2\u003c/perfect_forward_secrecy\u003e\n      \u003cmode\u003etunnel\u003c/mode\u003e\n      \u003cclear_df_bit\u003etrue\u003c/clear_df_bit\u003e\n      \u003cfragmentation_before_encryption\u003etrue\u003c/fragmentation_before_encryption\u003e\n      \u003ctcp_mss_adjustment\u003e1379\u003c/tcp_mss_adjustment\u003e\n      \u003cdead_peer_detection\u003e\n        \u003cinterval\u003e10\u003c/interval\u003e\n        \u003cretries\u003e3\u003c/retries\u003e\n      \u003c/dead_peer_detection\u003e\n    \u003c/ipsec\u003e\n  \u003c/ipsec_tunnel\u003e\n  \u003cipsec_tunnel\u003e\n    \u003ccustomer_gateway\u003e\n      \u003ctunnel_outside_address\u003e\n        \u003cip_address\u003e204.93.64.130\u003c/ip_address\u003e\n      \u003c/tunnel_outside_address\u003e\n      \u003ctunnel_inside_address\u003e\n        \u003cip_address\u003e169.254.47.62\u003c/ip_address\u003e\n        \u003cnetwork_mask\u003e255.255.255.252\u003c/network_mask\u003e\n        \u003cnetwork_cidr\u003e30\u003c/network_cidr\u003e\n      \u003c/tunnel_inside_address\u003e\n      \u003cbgp\u003e\n        \u003casn\u003e13364\u003c/asn\u003e\n        \u003chold_time\u003e30\u003c/hold_time\u003e\n      \u003c/bgp\u003e\n    \u003c/customer_gateway\u003e\n    \u003cvpn_gateway\u003e\n      \u003ctunnel_outside_address\u003e\n        \u003cip_address\u003e52.205.136.45\u003c/ip_address\u003e\n      \u003c/tunnel_outside_address\u003e\n      \u003ctunnel_inside_address\u003e\n        \u003cip_address\u003e169.254.47.61\u003c/ip_address\u003e\n        \u003cnetwork_mask\u003e255.255.255.252\u003c/network_mask\u003e\n        \u003cnetwork_cidr\u003e30\u003c/network_cidr\u003e\n      \u003c/tunnel_inside_address\u003e\n      \u003cbgp\u003e\n        \u003casn\u003e7224\u003c/asn\u003e\n        \u003chold_time\u003e30\u003c/hold_time\u003e\n      \u003c/bgp\u003e\n    \u003c/vpn_gateway\u003e\n    \u003cike\u003e\n      \u003cauthentication_protocol\u003esha1\u003c/authentication_protocol\u003e\n      \u003cencryption_protocol\u003eaes-128-cbc\u003c/encryption_protocol\u003e\n      \u003clifetime\u003e28800\u003c/lifetime\u003e\n      \u003cperfect_forward_secrecy\u003egroup2\u003c/perfect_forward_secrecy\u003e\n      \u003cmode\u003emain\u003c/mode\u003e\n      \u003cpre_shared_key\u003eYGLk3Ba7u7QB7lttr0Pj7_Nl8q9jzYOa\u003c/pre_shared_key\u003e\n    \u003c/ike\u003e\n    \u003cipsec\u003e\n      \u003cprotocol\u003eesp\u003c/protocol\u003e\n      \u003cauthentication_protocol\u003ehmac-sha1-96\u003c/authentication_protocol\u003e\n      \u003cencryption_protocol\u003eaes-128-cbc\u003c/encryption_protocol\u003e\n      \u003clifetime\u003e3600\u003c/lifetime\u003e\n      \u003cperfect_forward_secrecy\u003egroup2\u003c/perfect_forward_secrecy\u003e\n      \u003cmode\u003etunnel\u003c/mode\u003e\n      \u003cclear_df_bit\u003etrue\u003c/clear_df_bit\u003e\n      \u003cfragmentation_before_encryption\u003etrue\u003c/fragmentation_before_encryption\u003e\n      \u003ctcp_mss_adjustment\u003e1379\u003c/tcp_mss_adjustment\u003e\n      \u003cdead_peer_detection\u003e\n        \u003cinterval\u003e10\u003c/interval\u003e\n        \u003cretries\u003e3\u003c/retries\u003e\n      \u003c/dead_peer_detection\u003e\n    \u003c/ipsec\u003e\n  \u003c/ipsec_tunnel\u003e\n\u003c/vpn_connection\u003e",
                            "customer_gateway_id": "cgw-a19a71c8",
                            "id": "vpn-ce6073af",
                            "routes.#": "0",
                            "static_routes_only": "false",
                            "tags.%": "5",
                            "tags.Name": "prod-jive-vpn",
                            "tags.account_name": "jive-reco-prod",
                            "tags.pipeline_phase": "prod",
                            "tags.region": "us-east-1",
                            "tags.sla": "prod",
                            "tunnel1_address": "34.192.221.3",
                            "tunnel1_preshared_key": "m8i.Ja9j6mVQQELH8U_T_ka1pzLgiT1U",
                            "tunnel2_address": "52.205.136.45",
                            "tunnel2_preshared_key": "YGLk3Ba7u7QB7lttr0Pj7_Nl8q9jzYOa",
                            "type": "ipsec.1",
                            "vgw_telemetry.#": "2",
                            "vgw_telemetry.1919444908.accepted_route_count": "0",
                            "vgw_telemetry.1919444908.last_status_change": "2017-08-01 00:10:53 +0000 UTC",
                            "vgw_telemetry.1919444908.outside_ip_address": "34.192.221.3",
                            "vgw_telemetry.1919444908.status": "DOWN",
                            "vgw_telemetry.1919444908.status_message": "IPSEC IS DOWN",
                            "vgw_telemetry.3737000897.accepted_route_count": "0",
                            "vgw_telemetry.3737000897.last_status_change": "2017-08-01 00:10:16 +0000 UTC",
                            "vgw_telemetry.3737000897.outside_ip_address": "52.205.136.45",
                            "vgw_telemetry.3737000897.status": "DOWN",
                            "vgw_telemetry.3737000897.status_message": "",
                            "vpn_gateway_id": "vgw-e68b608f"
                        },
                        "meta": {},
                        "tainted": false
                    },
                    "deposed": [],
                    "provider": ""
                },
                "aws_vpn_gateway.vgw": {
                    "type": "aws_vpn_gateway",
                    "depends_on": [
                        "aws_vpc.main"
                    ],
                    "primary": {
                        "id": "vgw-e68b608f",
                        "attributes": {
                            "id": "vgw-e68b608f",
                            "tags.%": "7",
                            "tags.Name": "prod-vgw",
                            "tags.account_name": "jive-reco-prod",
                            "tags.jive_service": "infrastructure",
                            "tags.pipeline_phase": "prod",
                            "tags.region": "us-east-1",
                            "tags.service_component": "vpn_gateway",
                            "tags.sla": "prod",
                            "vpc_id": "vpc-0175e878"
                        },
                        "meta": {},
                        "tainted": false
                    },
                    "deposed": [],
                    "provider": ""
                },
                "data.aws_security_group.bastion": {
                    "type": "aws_security_group",
                    "depends_on": [],
                    "primary": {
                        "id": "sg-bf4931ce",
                        "attributes": {
                            "filter.#": "1",
                            "filter.1988431066.name": "tag:jive_service",
                            "filter.1988431066.values.#": "1",
                            "filter.1988431066.values.2480389212": "infrastructure",
                            "id": "sg-bf4931ce",
                            "name": "infra-prod-jive-phx-dc",
                            "tags.%": "6",
                            "tags.Name": "infra-prod-jive-phx-dc",
                            "tags.account_name": "jive-reco-prod",
                            "tags.jive_service": "infrastructure",
                            "tags.pipeline_phase": "infra-prod",
                            "tags.region": "us-east-1",
                            "tags.sla": "prod",
                            "vpc_id": "vpc-4a5ec333"
                        },
                        "meta": {},
                        "tainted": false
                    },
                    "deposed": [],
                    "provider": ""
                }
            },
            "depends_on": []
        }
    ]
}
