{
    "version": 3,
    "terraform_version": "0.9.2",
    "serial": 11,
    "lineage": "8b59b611-898b-439a-b857-93d59df8b695",
    "modules": [
        {
            "path": [
                "root"
            ],
            "outputs": {},
            "resources": {
                "aws_db_subnet_group.dbaas": {
                    "type": "aws_db_subnet_group",
                    "depends_on": [
                        "aws_subnet.natdc"
                    ],
                    "primary": {
                        "id": "data-dbaas-ms-pipeline-group",
                        "attributes": {
                            "arn": "arn:aws:rds:eu-central-1:811034720611:subgrp:data-dbaas-ms-pipeline-group",
                            "description": "Managed by Horizon",
                            "id": "data-dbaas-ms-pipeline-group",
                            "name": "data-dbaas-ms-pipeline-group",
                            "subnet_ids.#": "2",
                            "subnet_ids.1189007197": "subnet-79489f11",
                            "subnet_ids.3127215893": "subnet-5647a32c",
                            "tags.%": "7",
                            "tags.Name": "data-dbaas2-ms-pipeline-group",
                            "tags.account_name": "jive-microservices-pipeline",
                            "tags.jive_service": "microservices",
                            "tags.pipeline_phase": "pipeline",
                            "tags.region": "eu-central-1",
                            "tags.service_component": "microservices-dbaas",
                            "tags.sla": "non-prod"
                        },
                        "meta": {},
                        "tainted": false
                    },
                    "deposed": [],
                    "provider": ""
                },
                "aws_eip.natgw.0": {
                    "type": "aws_eip",
                    "depends_on": [],
                    "primary": {
                        "id": "eipalloc-e12e9588",
                        "attributes": {
                            "association_id": "eipassoc-4e1e8926",
                            "domain": "vpc",
                            "id": "eipalloc-e12e9588",
                            "instance": "",
                            "network_interface": "eni-884e6ee2",
                            "private_ip": "10.114.156.24",
                            "public_ip": "52.28.201.32",
                            "vpc": "true"
                        },
                        "meta": {},
                        "tainted": false
                    },
                    "deposed": [],
                    "provider": ""
                },
                "aws_eip.natgw.1": {
                    "type": "aws_eip",
                    "depends_on": [],
                    "primary": {
                        "id": "eipalloc-ca336ca3",
                        "attributes": {
                            "association_id": "",
                            "domain": "vpc",
                            "id": "eipalloc-ca336ca3",
                            "instance": "",
                            "network_interface": "",
                            "private_ip": "",
                            "public_ip": "52.57.178.175",
                            "vpc": "true"
                        },
                        "meta": {},
                        "tainted": false
                    },
                    "deposed": [],
                    "provider": ""
                },
                "aws_internet_gateway.igw": {
                    "type": "aws_internet_gateway",
                    "depends_on": [
                        "aws_vpc.main"
                    ],
                    "primary": {
                        "id": "igw-7d81ea14",
                        "attributes": {
                            "id": "igw-7d81ea14",
                            "tags.%": "5",
                            "tags.Name": "pipeline-igw",
                            "tags.account_name": "jive-microservices-pipeline",
                            "tags.pipeline_phase": "pipeline",
                            "tags.region": "eu-central-1",
                            "tags.sla": "non-prod",
                            "vpc_id": "vpc-67120e0e"
                        },
                        "meta": {},
                        "tainted": false
                    },
                    "deposed": [],
                    "provider": ""
                },
                "aws_nat_gateway.natgw.0": {
                    "type": "aws_nat_gateway",
                    "depends_on": [
                        "aws_eip.natgw.*",
                        "aws_internet_gateway.igw",
                        "aws_subnet.public.*"
                    ],
                    "primary": {
                        "id": "nat-091daf6efd191968f",
                        "attributes": {
                            "allocation_id": "eipalloc-e12e9588",
                            "id": "nat-091daf6efd191968f",
                            "network_interface_id": "eni-1b0f6174",
                            "private_ip": "10.114.156.15",
                            "public_ip": "52.28.201.32",
                            "subnet_id": "subnet-7f489f17"
                        },
                        "meta": {},
                        "tainted": false
                    },
                    "deposed": [],
                    "provider": ""
                },
                "aws_nat_gateway.natgw.1": {
                    "type": "aws_nat_gateway",
                    "depends_on": [
                        "aws_eip.natgw.*",
                        "aws_internet_gateway.igw",
                        "aws_subnet.public.*"
                    ],
                    "primary": {
                        "id": "nat-061e5451fdca3b3ca",
                        "attributes": {
                            "allocation_id": "eipalloc-ca336ca3",
                            "id": "nat-061e5451fdca3b3ca",
                            "network_interface_id": "eni-8720c0f6",
                            "private_ip": "10.114.156.136",
                            "public_ip": "52.57.178.175",
                            "subnet_id": "subnet-5c47a326"
                        },
                        "meta": {},
                        "tainted": false
                    },
                    "deposed": [],
                    "provider": ""
                },
                "aws_route.bastion_natdc.0": {
                    "type": "aws_route",
                    "depends_on": [
                        "aws_route_table.natdc.*",
                        "aws_vpc_peering_connection.infra"
                    ],
                    "primary": {
                        "id": "r-rtb-a101f0c9176388864",
                        "attributes": {
                            "destination_cidr_block": "10.127.72.7/32",
                            "destination_prefix_list_id": "",
                            "egress_only_gateway_id": "",
                            "gateway_id": "",
                            "id": "r-rtb-a101f0c9176388864",
                            "instance_id": "",
                            "instance_owner_id": "",
                            "nat_gateway_id": "",
                            "network_interface_id": "",
                            "origin": "CreateRoute",
                            "route_table_id": "rtb-a101f0c9",
                            "state": "active",
                            "vpc_peering_connection_id": "pcx-3d538054"
                        },
                        "meta": {},
                        "tainted": false
                    },
                    "deposed": [],
                    "provider": ""
                },
                "aws_route.bastion_natdc.1": {
                    "type": "aws_route",
                    "depends_on": [
                        "aws_route_table.natdc.*",
                        "aws_vpc_peering_connection.infra"
                    ],
                    "primary": {
                        "id": "r-rtb-144f197c176388864",
                        "attributes": {
                            "destination_cidr_block": "10.127.72.7/32",
                            "destination_prefix_list_id": "",
                            "egress_only_gateway_id": "",
                            "gateway_id": "",
                            "id": "r-rtb-144f197c176388864",
                            "instance_id": "",
                            "instance_owner_id": "",
                            "nat_gateway_id": "",
                            "network_interface_id": "",
                            "origin": "CreateRoute",
                            "route_table_id": "rtb-144f197c",
                            "state": "active",
                            "vpc_peering_connection_id": "pcx-3d538054"
                        },
                        "meta": {},
                        "tainted": false
                    },
                    "deposed": [],
                    "provider": ""
                },
                "aws_route.bastion_private": {
                    "type": "aws_route",
                    "depends_on": [
                        "aws_route_table.private",
                        "aws_vpc_peering_connection.infra"
                    ],
                    "primary": {
                        "id": "r-rtb-fb01f093176388864",
                        "attributes": {
                            "destination_cidr_block": "10.127.72.7/32",
                            "destination_prefix_list_id": "",
                            "egress_only_gateway_id": "",
                            "gateway_id": "",
                            "id": "r-rtb-fb01f093176388864",
                            "instance_id": "",
                            "instance_owner_id": "",
                            "nat_gateway_id": "",
                            "network_interface_id": "",
                            "origin": "CreateRoute",
                            "route_table_id": "rtb-fb01f093",
                            "state": "active",
                            "vpc_peering_connection_id": "pcx-3d538054"
                        },
                        "meta": {},
                        "tainted": false
                    },
                    "deposed": [],
                    "provider": ""
                },
                "aws_route.bastion_public": {
                    "type": "aws_route",
                    "depends_on": [
                        "aws_route_table.public",
                        "aws_vpc_peering_connection.infra"
                    ],
                    "primary": {
                        "id": "r-rtb-f401f09c176388864",
                        "attributes": {
                            "destination_cidr_block": "10.127.72.7/32",
                            "destination_prefix_list_id": "",
                            "egress_only_gateway_id": "",
                            "gateway_id": "",
                            "id": "r-rtb-f401f09c176388864",
                            "instance_id": "",
                            "instance_owner_id": "",
                            "nat_gateway_id": "",
                            "network_interface_id": "",
                            "origin": "CreateRoute",
                            "route_table_id": "rtb-f401f09c",
                            "state": "active",
                            "vpc_peering_connection_id": "pcx-3d538054"
                        },
                        "meta": {},
                        "tainted": false
                    },
                    "deposed": [],
                    "provider": ""
                },
                "aws_route.data_integ_vpc_natdc.0": {
                    "type": "aws_route",
                    "depends_on": [
                        "aws_route_table.natdc.*",
                        "aws_vpc_peering_connection.data_integ"
                    ],
                    "primary": {
                        "id": "r-rtb-a101f0c92539375733",
                        "attributes": {
                            "destination_cidr_block": "10.114.96.0/22",
                            "destination_prefix_list_id": "",
                            "egress_only_gateway_id": "",
                            "gateway_id": "",
                            "id": "r-rtb-a101f0c92539375733",
                            "instance_id": "",
                            "instance_owner_id": "",
                            "nat_gateway_id": "",
                            "network_interface_id": "",
                            "origin": "CreateRoute",
                            "route_table_id": "rtb-a101f0c9",
                            "state": "active",
                            "vpc_peering_connection_id": "pcx-29b46c40"
                        },
                        "meta": {},
                        "tainted": false
                    },
                    "deposed": [],
                    "provider": ""
                },
                "aws_route.data_integ_vpc_natdc.1": {
                    "type": "aws_route",
                    "depends_on": [
                        "aws_route_table.natdc.*",
                        "aws_vpc_peering_connection.data_integ"
                    ],
                    "primary": {
                        "id": "r-rtb-144f197c2539375733",
                        "attributes": {
                            "destination_cidr_block": "10.114.96.0/22",
                            "destination_prefix_list_id": "",
                            "egress_only_gateway_id": "",
                            "gateway_id": "",
                            "id": "r-rtb-144f197c2539375733",
                            "instance_id": "",
                            "instance_owner_id": "",
                            "nat_gateway_id": "",
                            "network_interface_id": "",
                            "origin": "CreateRoute",
                            "route_table_id": "rtb-144f197c",
                            "state": "active",
                            "vpc_peering_connection_id": "pcx-29b46c40"
                        },
                        "meta": {},
                        "tainted": false
                    },
                    "deposed": [],
                    "provider": ""
                },
                "aws_route.data_integ_vpc_private": {
                    "type": "aws_route",
                    "depends_on": [
                        "aws_route_table.private",
                        "aws_vpc_peering_connection.data_integ"
                    ],
                    "primary": {
                        "id": "r-rtb-fb01f0932539375733",
                        "attributes": {
                            "destination_cidr_block": "10.114.96.0/22",
                            "destination_prefix_list_id": "",
                            "egress_only_gateway_id": "",
                            "gateway_id": "",
                            "id": "r-rtb-fb01f0932539375733",
                            "instance_id": "",
                            "instance_owner_id": "",
                            "nat_gateway_id": "",
                            "network_interface_id": "",
                            "origin": "CreateRoute",
                            "route_table_id": "rtb-fb01f093",
                            "state": "active",
                            "vpc_peering_connection_id": "pcx-29b46c40"
                        },
                        "meta": {},
                        "tainted": false
                    },
                    "deposed": [],
                    "provider": ""
                },
                "aws_route.data_integ_vpc_public": {
                    "type": "aws_route",
                    "depends_on": [
                        "aws_route_table.public",
                        "aws_vpc_peering_connection.data_integ"
                    ],
                    "primary": {
                        "id": "r-rtb-f401f09c2539375733",
                        "attributes": {
                            "destination_cidr_block": "10.114.96.0/22",
                            "destination_prefix_list_id": "",
                            "egress_only_gateway_id": "",
                            "gateway_id": "",
                            "id": "r-rtb-f401f09c2539375733",
                            "instance_id": "",
                            "instance_owner_id": "",
                            "nat_gateway_id": "",
                            "network_interface_id": "",
                            "origin": "CreateRoute",
                            "route_table_id": "rtb-f401f09c",
                            "state": "active",
                            "vpc_peering_connection_id": "pcx-29b46c40"
                        },
                        "meta": {},
                        "tainted": false
                    },
                    "deposed": [],
                    "provider": ""
                },
                "aws_route.data_release_vpc_natdc.0": {
                    "type": "aws_route",
                    "depends_on": [
                        "aws_route_table.natdc.*",
                        "aws_vpc_peering_connection.data_release"
                    ],
                    "primary": {
                        "id": "r-rtb-a101f0c93942723849",
                        "attributes": {
                            "destination_cidr_block": "10.114.104.0/22",
                            "destination_prefix_list_id": "",
                            "egress_only_gateway_id": "",
                            "gateway_id": "",
                            "id": "r-rtb-a101f0c93942723849",
                            "instance_id": "",
                            "instance_owner_id": "",
                            "nat_gateway_id": "",
                            "network_interface_id": "",
                            "origin": "CreateRoute",
                            "route_table_id": "rtb-a101f0c9",
                            "state": "active",
                            "vpc_peering_connection_id": "pcx-56b46c3f"
                        },
                        "meta": {},
                        "tainted": false
                    },
                    "deposed": [],
                    "provider": ""
                },
                "aws_route.data_release_vpc_natdc.1": {
                    "type": "aws_route",
                    "depends_on": [
                        "aws_route_table.natdc.*",
                        "aws_vpc_peering_connection.data_release"
                    ],
                    "primary": {
                        "id": "r-rtb-144f197c3942723849",
                        "attributes": {
                            "destination_cidr_block": "10.114.104.0/22",
                            "destination_prefix_list_id": "",
                            "egress_only_gateway_id": "",
                            "gateway_id": "",
                            "id": "r-rtb-144f197c3942723849",
                            "instance_id": "",
                            "instance_owner_id": "",
                            "nat_gateway_id": "",
                            "network_interface_id": "",
                            "origin": "CreateRoute",
                            "route_table_id": "rtb-144f197c",
                            "state": "active",
                            "vpc_peering_connection_id": "pcx-56b46c3f"
                        },
                        "meta": {},
                        "tainted": false
                    },
                    "deposed": [],
                    "provider": ""
                },
                "aws_route.data_release_vpc_private": {
                    "type": "aws_route",
                    "depends_on": [
                        "aws_route_table.private",
                        "aws_vpc_peering_connection.data_release"
                    ],
                    "primary": {
                        "id": "r-rtb-fb01f0933942723849",
                        "attributes": {
                            "destination_cidr_block": "10.114.104.0/22",
                            "destination_prefix_list_id": "",
                            "egress_only_gateway_id": "",
                            "gateway_id": "",
                            "id": "r-rtb-fb01f0933942723849",
                            "instance_id": "",
                            "instance_owner_id": "",
                            "nat_gateway_id": "",
                            "network_interface_id": "",
                            "origin": "CreateRoute",
                            "route_table_id": "rtb-fb01f093",
                            "state": "active",
                            "vpc_peering_connection_id": "pcx-56b46c3f"
                        },
                        "meta": {},
                        "tainted": false
                    },
                    "deposed": [],
                    "provider": ""
                },
                "aws_route.data_release_vpc_public": {
                    "type": "aws_route",
                    "depends_on": [
                        "aws_route_table.public",
                        "aws_vpc_peering_connection.data_release"
                    ],
                    "primary": {
                        "id": "r-rtb-f401f09c3942723849",
                        "attributes": {
                            "destination_cidr_block": "10.114.104.0/22",
                            "destination_prefix_list_id": "",
                            "egress_only_gateway_id": "",
                            "gateway_id": "",
                            "id": "r-rtb-f401f09c3942723849",
                            "instance_id": "",
                            "instance_owner_id": "",
                            "nat_gateway_id": "",
                            "network_interface_id": "",
                            "origin": "CreateRoute",
                            "route_table_id": "rtb-f401f09c",
                            "state": "active",
                            "vpc_peering_connection_id": "pcx-56b46c3f"
                        },
                        "meta": {},
                        "tainted": false
                    },
                    "deposed": [],
                    "provider": ""
                },
                "aws_route.data_test_vpc_natdc.0": {
                    "type": "aws_route",
                    "depends_on": [
                        "aws_route_table.natdc.*",
                        "aws_vpc_peering_connection.data_test"
                    ],
                    "primary": {
                        "id": "r-rtb-a101f0c91888514847",
                        "attributes": {
                            "destination_cidr_block": "10.114.100.0/22",
                            "destination_prefix_list_id": "",
                            "egress_only_gateway_id": "",
                            "gateway_id": "",
                            "id": "r-rtb-a101f0c91888514847",
                            "instance_id": "",
                            "instance_owner_id": "",
                            "nat_gateway_id": "",
                            "network_interface_id": "",
                            "origin": "CreateRoute",
                            "route_table_id": "rtb-a101f0c9",
                            "state": "active",
                            "vpc_peering_connection_id": "pcx-57b46c3e"
                        },
                        "meta": {},
                        "tainted": false
                    },
                    "deposed": [],
                    "provider": ""
                },
                "aws_route.data_test_vpc_natdc.1": {
                    "type": "aws_route",
                    "depends_on": [
                        "aws_route_table.natdc.*",
                        "aws_vpc_peering_connection.data_test"
                    ],
                    "primary": {
                        "id": "r-rtb-144f197c1888514847",
                        "attributes": {
                            "destination_cidr_block": "10.114.100.0/22",
                            "destination_prefix_list_id": "",
                            "egress_only_gateway_id": "",
                            "gateway_id": "",
                            "id": "r-rtb-144f197c1888514847",
                            "instance_id": "",
                            "instance_owner_id": "",
                            "nat_gateway_id": "",
                            "network_interface_id": "",
                            "origin": "CreateRoute",
                            "route_table_id": "rtb-144f197c",
                            "state": "active",
                            "vpc_peering_connection_id": "pcx-57b46c3e"
                        },
                        "meta": {},
                        "tainted": false
                    },
                    "deposed": [],
                    "provider": ""
                },
                "aws_route.data_test_vpc_private": {
                    "type": "aws_route",
                    "depends_on": [
                        "aws_route_table.private",
                        "aws_vpc_peering_connection.data_test"
                    ],
                    "primary": {
                        "id": "r-rtb-fb01f0931888514847",
                        "attributes": {
                            "destination_cidr_block": "10.114.100.0/22",
                            "destination_prefix_list_id": "",
                            "egress_only_gateway_id": "",
                            "gateway_id": "",
                            "id": "r-rtb-fb01f0931888514847",
                            "instance_id": "",
                            "instance_owner_id": "",
                            "nat_gateway_id": "",
                            "network_interface_id": "",
                            "origin": "CreateRoute",
                            "route_table_id": "rtb-fb01f093",
                            "state": "active",
                            "vpc_peering_connection_id": "pcx-57b46c3e"
                        },
                        "meta": {},
                        "tainted": false
                    },
                    "deposed": [],
                    "provider": ""
                },
                "aws_route.data_test_vpc_public": {
                    "type": "aws_route",
                    "depends_on": [
                        "aws_route_table.public",
                        "aws_vpc_peering_connection.data_test"
                    ],
                    "primary": {
                        "id": "r-rtb-f401f09c1888514847",
                        "attributes": {
                            "destination_cidr_block": "10.114.100.0/22",
                            "destination_prefix_list_id": "",
                            "egress_only_gateway_id": "",
                            "gateway_id": "",
                            "id": "r-rtb-f401f09c1888514847",
                            "instance_id": "",
                            "instance_owner_id": "",
                            "nat_gateway_id": "",
                            "network_interface_id": "",
                            "origin": "CreateRoute",
                            "route_table_id": "rtb-f401f09c",
                            "state": "active",
                            "vpc_peering_connection_id": "pcx-57b46c3e"
                        },
                        "meta": {},
                        "tainted": false
                    },
                    "deposed": [],
                    "provider": ""
                },
                "aws_route.infra_natdc.0": {
                    "type": "aws_route",
                    "depends_on": [
                        "aws_vpc_peering_connection.infra"
                    ],
                    "primary": {
                        "id": "r-rtb-361fee5e4047533110",
                        "attributes": {
                            "destination_cidr_block": "10.114.144.0/20",
                            "destination_prefix_list_id": "",
                            "egress_only_gateway_id": "",
                            "gateway_id": "",
                            "id": "r-rtb-361fee5e4047533110",
                            "instance_id": "",
                            "instance_owner_id": "",
                            "nat_gateway_id": "",
                            "network_interface_id": "",
                            "origin": "CreateRoute",
                            "route_table_id": "rtb-361fee5e",
                            "state": "active",
                            "vpc_peering_connection_id": "pcx-3d538054"
                        },
                        "meta": {},
                        "tainted": false
                    },
                    "deposed": [],
                    "provider": ""
                },
                "aws_route.infra_natdc.1": {
                    "type": "aws_route",
                    "depends_on": [
                        "aws_vpc_peering_connection.infra"
                    ],
                    "primary": {
                        "id": "r-rtb-161f587e4047533110",
                        "attributes": {
                            "destination_cidr_block": "10.114.144.0/20",
                            "destination_prefix_list_id": "",
                            "egress_only_gateway_id": "",
                            "gateway_id": "",
                            "id": "r-rtb-161f587e4047533110",
                            "instance_id": "",
                            "instance_owner_id": "",
                            "nat_gateway_id": "",
                            "network_interface_id": "",
                            "origin": "CreateRoute",
                            "route_table_id": "rtb-161f587e",
                            "state": "active",
                            "vpc_peering_connection_id": "pcx-3d538054"
                        },
                        "meta": {},
                        "tainted": false
                    },
                    "deposed": [],
                    "provider": ""
                },
                "aws_route.infra_private": {
                    "type": "aws_route",
                    "depends_on": [
                        "aws_vpc_peering_connection.infra"
                    ],
                    "primary": {
                        "id": "r-rtb-5c1fee344047533110",
                        "attributes": {
                            "destination_cidr_block": "10.114.144.0/20",
                            "destination_prefix_list_id": "",
                            "egress_only_gateway_id": "",
                            "gateway_id": "",
                            "id": "r-rtb-5c1fee344047533110",
                            "instance_id": "",
                            "instance_owner_id": "",
                            "nat_gateway_id": "",
                            "network_interface_id": "",
                            "origin": "CreateRoute",
                            "route_table_id": "rtb-5c1fee34",
                            "state": "active",
                            "vpc_peering_connection_id": "pcx-3d538054"
                        },
                        "meta": {},
                        "tainted": false
                    },
                    "deposed": [],
                    "provider": ""
                },
                "aws_route.infra_public": {
                    "type": "aws_route",
                    "depends_on": [
                        "aws_vpc_peering_connection.infra"
                    ],
                    "primary": {
                        "id": "r-rtb-521fee3a4047533110",
                        "attributes": {
                            "destination_cidr_block": "10.114.144.0/20",
                            "destination_prefix_list_id": "",
                            "egress_only_gateway_id": "",
                            "gateway_id": "",
                            "id": "r-rtb-521fee3a4047533110",
                            "instance_id": "",
                            "instance_owner_id": "",
                            "nat_gateway_id": "",
                            "network_interface_id": "",
                            "origin": "CreateRoute",
                            "route_table_id": "rtb-521fee3a",
                            "state": "active",
                            "vpc_peering_connection_id": "pcx-3d538054"
                        },
                        "meta": {},
                        "tainted": false
                    },
                    "deposed": [],
                    "provider": ""
                },
                "aws_route.jcx_comp_vpc_natdc.0": {
                    "type": "aws_route",
                    "depends_on": [
                        "aws_route_table.natdc.*"
                    ],
                    "primary": {
                        "id": "r-rtb-a101f0c92017802059",
                        "attributes": {
                            "destination_cidr_block": "10.126.128.0/20",
                            "destination_prefix_list_id": "",
                            "egress_only_gateway_id": "",
                            "gateway_id": "",
                            "id": "r-rtb-a101f0c92017802059",
                            "instance_id": "",
                            "instance_owner_id": "",
                            "nat_gateway_id": "",
                            "network_interface_id": "",
                            "origin": "CreateRoute",
                            "route_table_id": "rtb-a101f0c9",
                            "state": "active",
                            "vpc_peering_connection_id": "pcx-e61dc08f"
                        },
                        "meta": {},
                        "tainted": false
                    },
                    "deposed": [],
                    "provider": ""
                },
                "aws_route.jcx_comp_vpc_natdc.1": {
                    "type": "aws_route",
                    "depends_on": [
                        "aws_route_table.natdc.*"
                    ],
                    "primary": {
                        "id": "r-rtb-144f197c2017802059",
                        "attributes": {
                            "destination_cidr_block": "10.126.128.0/20",
                            "destination_prefix_list_id": "",
                            "egress_only_gateway_id": "",
                            "gateway_id": "",
                            "id": "r-rtb-144f197c2017802059",
                            "instance_id": "",
                            "instance_owner_id": "",
                            "nat_gateway_id": "",
                            "network_interface_id": "",
                            "origin": "CreateRoute",
                            "route_table_id": "rtb-144f197c",
                            "state": "active",
                            "vpc_peering_connection_id": "pcx-e61dc08f"
                        },
                        "meta": {},
                        "tainted": false
                    },
                    "deposed": [],
                    "provider": ""
                },
                "aws_route.jcx_comp_vpc_private": {
                    "type": "aws_route",
                    "depends_on": [
                        "aws_route_table.private"
                    ],
                    "primary": {
                        "id": "r-rtb-fb01f0932017802059",
                        "attributes": {
                            "destination_cidr_block": "10.126.128.0/20",
                            "destination_prefix_list_id": "",
                            "egress_only_gateway_id": "",
                            "gateway_id": "",
                            "id": "r-rtb-fb01f0932017802059",
                            "instance_id": "",
                            "instance_owner_id": "",
                            "nat_gateway_id": "",
                            "network_interface_id": "",
                            "origin": "CreateRoute",
                            "route_table_id": "rtb-fb01f093",
                            "state": "active",
                            "vpc_peering_connection_id": "pcx-e61dc08f"
                        },
                        "meta": {},
                        "tainted": false
                    },
                    "deposed": [],
                    "provider": ""
                },
                "aws_route.jcx_comp_vpc_public": {
                    "type": "aws_route",
                    "depends_on": [
                        "aws_route_table.public"
                    ],
                    "primary": {
                        "id": "r-rtb-f401f09c2017802059",
                        "attributes": {
                            "destination_cidr_block": "10.126.128.0/20",
                            "destination_prefix_list_id": "",
                            "egress_only_gateway_id": "",
                            "gateway_id": "",
                            "id": "r-rtb-f401f09c2017802059",
                            "instance_id": "",
                            "instance_owner_id": "",
                            "nat_gateway_id": "",
                            "network_interface_id": "",
                            "origin": "CreateRoute",
                            "route_table_id": "rtb-f401f09c",
                            "state": "active",
                            "vpc_peering_connection_id": "pcx-e61dc08f"
                        },
                        "meta": {},
                        "tainted": false
                    },
                    "deposed": [],
                    "provider": ""
                },
                "aws_route.reco_integ_vpc_natdc.0": {
                    "type": "aws_route",
                    "depends_on": [
                        "aws_route_table.natdc.*",
                        "aws_vpc_peering_connection.reco_integ"
                    ],
                    "primary": {
                        "id": "r-rtb-a101f0c9173035759",
                        "attributes": {
                            "destination_cidr_block": "10.114.240.0/22",
                            "destination_prefix_list_id": "",
                            "egress_only_gateway_id": "",
                            "gateway_id": "",
                            "id": "r-rtb-a101f0c9173035759",
                            "instance_id": "",
                            "instance_owner_id": "",
                            "nat_gateway_id": "",
                            "network_interface_id": "",
                            "origin": "CreateRoute",
                            "route_table_id": "rtb-a101f0c9",
                            "state": "active",
                            "vpc_peering_connection_id": "pcx-ba9941d3"
                        },
                        "meta": {},
                        "tainted": false
                    },
                    "deposed": [],
                    "provider": ""
                },
                "aws_route.reco_integ_vpc_natdc.1": {
                    "type": "aws_route",
                    "depends_on": [
                        "aws_route_table.natdc.*",
                        "aws_vpc_peering_connection.reco_integ"
                    ],
                    "primary": {
                        "id": "r-rtb-144f197c173035759",
                        "attributes": {
                            "destination_cidr_block": "10.114.240.0/22",
                            "destination_prefix_list_id": "",
                            "egress_only_gateway_id": "",
                            "gateway_id": "",
                            "id": "r-rtb-144f197c173035759",
                            "instance_id": "",
                            "instance_owner_id": "",
                            "nat_gateway_id": "",
                            "network_interface_id": "",
                            "origin": "CreateRoute",
                            "route_table_id": "rtb-144f197c",
                            "state": "active",
                            "vpc_peering_connection_id": "pcx-ba9941d3"
                        },
                        "meta": {},
                        "tainted": false
                    },
                    "deposed": [],
                    "provider": ""
                },
                "aws_route.reco_integ_vpc_private": {
                    "type": "aws_route",
                    "depends_on": [
                        "aws_route_table.private",
                        "aws_vpc_peering_connection.reco_integ"
                    ],
                    "primary": {
                        "id": "r-rtb-fb01f093173035759",
                        "attributes": {
                            "destination_cidr_block": "10.114.240.0/22",
                            "destination_prefix_list_id": "",
                            "egress_only_gateway_id": "",
                            "gateway_id": "",
                            "id": "r-rtb-fb01f093173035759",
                            "instance_id": "",
                            "instance_owner_id": "",
                            "nat_gateway_id": "",
                            "network_interface_id": "",
                            "origin": "CreateRoute",
                            "route_table_id": "rtb-fb01f093",
                            "state": "active",
                            "vpc_peering_connection_id": "pcx-ba9941d3"
                        },
                        "meta": {},
                        "tainted": false
                    },
                    "deposed": [],
                    "provider": ""
                },
                "aws_route.reco_integ_vpc_public": {
                    "type": "aws_route",
                    "depends_on": [
                        "aws_route_table.public",
                        "aws_vpc_peering_connection.reco_integ"
                    ],
                    "primary": {
                        "id": "r-rtb-f401f09c173035759",
                        "attributes": {
                            "destination_cidr_block": "10.114.240.0/22",
                            "destination_prefix_list_id": "",
                            "egress_only_gateway_id": "",
                            "gateway_id": "",
                            "id": "r-rtb-f401f09c173035759",
                            "instance_id": "",
                            "instance_owner_id": "",
                            "nat_gateway_id": "",
                            "network_interface_id": "",
                            "origin": "CreateRoute",
                            "route_table_id": "rtb-f401f09c",
                            "state": "active",
                            "vpc_peering_connection_id": "pcx-ba9941d3"
                        },
                        "meta": {},
                        "tainted": false
                    },
                    "deposed": [],
                    "provider": ""
                },
                "aws_route.reco_release_vpc_natdc.0": {
                    "type": "aws_route",
                    "depends_on": [
                        "aws_route_table.natdc.*",
                        "aws_vpc_peering_connection.reco_release"
                    ],
                    "primary": {
                        "id": "r-rtb-a101f0c93859010178",
                        "attributes": {
                            "destination_cidr_block": "10.114.248.0/22",
                            "destination_prefix_list_id": "",
                            "egress_only_gateway_id": "",
                            "gateway_id": "",
                            "id": "r-rtb-a101f0c93859010178",
                            "instance_id": "",
                            "instance_owner_id": "",
                            "nat_gateway_id": "",
                            "network_interface_id": "",
                            "origin": "CreateRoute",
                            "route_table_id": "rtb-a101f0c9",
                            "state": "active",
                            "vpc_peering_connection_id": "pcx-bd9941d4"
                        },
                        "meta": {},
                        "tainted": false
                    },
                    "deposed": [],
                    "provider": ""
                },
                "aws_route.reco_release_vpc_natdc.1": {
                    "type": "aws_route",
                    "depends_on": [
                        "aws_route_table.natdc.*",
                        "aws_vpc_peering_connection.reco_release"
                    ],
                    "primary": {
                        "id": "r-rtb-144f197c3859010178",
                        "attributes": {
                            "destination_cidr_block": "10.114.248.0/22",
                            "destination_prefix_list_id": "",
                            "egress_only_gateway_id": "",
                            "gateway_id": "",
                            "id": "r-rtb-144f197c3859010178",
                            "instance_id": "",
                            "instance_owner_id": "",
                            "nat_gateway_id": "",
                            "network_interface_id": "",
                            "origin": "CreateRoute",
                            "route_table_id": "rtb-144f197c",
                            "state": "active",
                            "vpc_peering_connection_id": "pcx-bd9941d4"
                        },
                        "meta": {},
                        "tainted": false
                    },
                    "deposed": [],
                    "provider": ""
                },
                "aws_route.reco_release_vpc_private": {
                    "type": "aws_route",
                    "depends_on": [
                        "aws_route_table.private",
                        "aws_vpc_peering_connection.reco_release"
                    ],
                    "primary": {
                        "id": "r-rtb-fb01f0933859010178",
                        "attributes": {
                            "destination_cidr_block": "10.114.248.0/22",
                            "destination_prefix_list_id": "",
                            "egress_only_gateway_id": "",
                            "gateway_id": "",
                            "id": "r-rtb-fb01f0933859010178",
                            "instance_id": "",
                            "instance_owner_id": "",
                            "nat_gateway_id": "",
                            "network_interface_id": "",
                            "origin": "CreateRoute",
                            "route_table_id": "rtb-fb01f093",
                            "state": "active",
                            "vpc_peering_connection_id": "pcx-bd9941d4"
                        },
                        "meta": {},
                        "tainted": false
                    },
                    "deposed": [],
                    "provider": ""
                },
                "aws_route.reco_release_vpc_public": {
                    "type": "aws_route",
                    "depends_on": [
                        "aws_route_table.public",
                        "aws_vpc_peering_connection.reco_release"
                    ],
                    "primary": {
                        "id": "r-rtb-f401f09c3859010178",
                        "attributes": {
                            "destination_cidr_block": "10.114.248.0/22",
                            "destination_prefix_list_id": "",
                            "egress_only_gateway_id": "",
                            "gateway_id": "",
                            "id": "r-rtb-f401f09c3859010178",
                            "instance_id": "",
                            "instance_owner_id": "",
                            "nat_gateway_id": "",
                            "network_interface_id": "",
                            "origin": "CreateRoute",
                            "route_table_id": "rtb-f401f09c",
                            "state": "active",
                            "vpc_peering_connection_id": "pcx-bd9941d4"
                        },
                        "meta": {},
                        "tainted": false
                    },
                    "deposed": [],
                    "provider": ""
                },
                "aws_route.reco_test_vpc_natdc.0": {
                    "type": "aws_route",
                    "depends_on": [
                        "aws_route_table.natdc.*",
                        "aws_vpc_peering_connection.reco_test"
                    ],
                    "primary": {
                        "id": "r-rtb-a101f0c92445349625",
                        "attributes": {
                            "destination_cidr_block": "10.114.244.0/22",
                            "destination_prefix_list_id": "",
                            "egress_only_gateway_id": "",
                            "gateway_id": "",
                            "id": "r-rtb-a101f0c92445349625",
                            "instance_id": "",
                            "instance_owner_id": "",
                            "nat_gateway_id": "",
                            "network_interface_id": "",
                            "origin": "CreateRoute",
                            "route_table_id": "rtb-a101f0c9",
                            "state": "active",
                            "vpc_peering_connection_id": "pcx-6589510c"
                        },
                        "meta": {},
                        "tainted": false
                    },
                    "deposed": [],
                    "provider": ""
                },
                "aws_route.reco_test_vpc_natdc.1": {
                    "type": "aws_route",
                    "depends_on": [
                        "aws_route_table.natdc.*",
                        "aws_vpc_peering_connection.reco_test"
                    ],
                    "primary": {
                        "id": "r-rtb-144f197c2445349625",
                        "attributes": {
                            "destination_cidr_block": "10.114.244.0/22",
                            "destination_prefix_list_id": "",
                            "egress_only_gateway_id": "",
                            "gateway_id": "",
                            "id": "r-rtb-144f197c2445349625",
                            "instance_id": "",
                            "instance_owner_id": "",
                            "nat_gateway_id": "",
                            "network_interface_id": "",
                            "origin": "CreateRoute",
                            "route_table_id": "rtb-144f197c",
                            "state": "active",
                            "vpc_peering_connection_id": "pcx-6589510c"
                        },
                        "meta": {},
                        "tainted": false
                    },
                    "deposed": [],
                    "provider": ""
                },
                "aws_route.reco_test_vpc_private": {
                    "type": "aws_route",
                    "depends_on": [
                        "aws_route_table.private",
                        "aws_vpc_peering_connection.reco_test"
                    ],
                    "primary": {
                        "id": "r-rtb-fb01f0932445349625",
                        "attributes": {
                            "destination_cidr_block": "10.114.244.0/22",
                            "destination_prefix_list_id": "",
                            "egress_only_gateway_id": "",
                            "gateway_id": "",
                            "id": "r-rtb-fb01f0932445349625",
                            "instance_id": "",
                            "instance_owner_id": "",
                            "nat_gateway_id": "",
                            "network_interface_id": "",
                            "origin": "CreateRoute",
                            "route_table_id": "rtb-fb01f093",
                            "state": "active",
                            "vpc_peering_connection_id": "pcx-6589510c"
                        },
                        "meta": {},
                        "tainted": false
                    },
                    "deposed": [],
                    "provider": ""
                },
                "aws_route.reco_test_vpc_public": {
                    "type": "aws_route",
                    "depends_on": [
                        "aws_route_table.public",
                        "aws_vpc_peering_connection.reco_test"
                    ],
                    "primary": {
                        "id": "r-rtb-f401f09c2445349625",
                        "attributes": {
                            "destination_cidr_block": "10.114.244.0/22",
                            "destination_prefix_list_id": "",
                            "egress_only_gateway_id": "",
                            "gateway_id": "",
                            "id": "r-rtb-f401f09c2445349625",
                            "instance_id": "",
                            "instance_owner_id": "",
                            "nat_gateway_id": "",
                            "network_interface_id": "",
                            "origin": "CreateRoute",
                            "route_table_id": "rtb-f401f09c",
                            "state": "active",
                            "vpc_peering_connection_id": "pcx-6589510c"
                        },
                        "meta": {},
                        "tainted": false
                    },
                    "deposed": [],
                    "provider": ""
                },
                "aws_route53_zone_association.route53": {
                    "type": "aws_route53_zone_association",
                    "depends_on": [
                        "aws_vpc.main"
                    ],
                    "primary": {
                        "id": "Z31KC7C52TU6MQ:vpc-67120e0e",
                        "attributes": {
                            "id": "Z31KC7C52TU6MQ:vpc-67120e0e",
                            "vpc_id": "vpc-67120e0e",
                            "vpc_region": "eu-central-1",
                            "zone_id": "Z31KC7C52TU6MQ"
                        },
                        "meta": {},
                        "tainted": false
                    },
                    "deposed": [],
                    "provider": ""
                },
                "aws_route_table.natdc.0": {
                    "type": "aws_route_table",
                    "depends_on": [
                        "aws_nat_gateway.natgw",
                        "aws_vpc.main",
                        "aws_vpn_gateway.vgw"
                    ],
                    "primary": {
                        "id": "rtb-a101f0c9",
                        "attributes": {
                            "id": "rtb-a101f0c9",
                            "propagating_vgws.#": "1",
                            "propagating_vgws.180283922": "vgw-78c14e48",
                            "route.#": "9",
                            "route.1080954625.cidr_block": "10.126.128.0/20",
                            "route.1080954625.egress_only_gateway_id": "",
                            "route.1080954625.gateway_id": "",
                            "route.1080954625.instance_id": "",
                            "route.1080954625.ipv6_cidr_block": "",
                            "route.1080954625.nat_gateway_id": "",
                            "route.1080954625.network_interface_id": "",
                            "route.1080954625.vpc_peering_connection_id": "pcx-e61dc08f",
                            "route.1104772463.cidr_block": "10.114.244.0/22",
                            "route.1104772463.egress_only_gateway_id": "",
                            "route.1104772463.gateway_id": "",
                            "route.1104772463.instance_id": "",
                            "route.1104772463.ipv6_cidr_block": "",
                            "route.1104772463.nat_gateway_id": "",
                            "route.1104772463.network_interface_id": "",
                            "route.1104772463.vpc_peering_connection_id": "pcx-6589510c",
                            "route.167797922.cidr_block": "10.114.240.0/22",
                            "route.167797922.egress_only_gateway_id": "",
                            "route.167797922.gateway_id": "",
                            "route.167797922.instance_id": "",
                            "route.167797922.ipv6_cidr_block": "",
                            "route.167797922.nat_gateway_id": "",
                            "route.167797922.network_interface_id": "",
                            "route.167797922.vpc_peering_connection_id": "pcx-ba9941d3",
                            "route.1775477983.cidr_block": "10.114.248.0/22",
                            "route.1775477983.egress_only_gateway_id": "",
                            "route.1775477983.gateway_id": "",
                            "route.1775477983.instance_id": "",
                            "route.1775477983.ipv6_cidr_block": "",
                            "route.1775477983.nat_gateway_id": "",
                            "route.1775477983.network_interface_id": "",
                            "route.1775477983.vpc_peering_connection_id": "pcx-bd9941d4",
                            "route.199609104.cidr_block": "10.127.72.7/32",
                            "route.199609104.egress_only_gateway_id": "",
                            "route.199609104.gateway_id": "",
                            "route.199609104.instance_id": "",
                            "route.199609104.ipv6_cidr_block": "",
                            "route.199609104.nat_gateway_id": "",
                            "route.199609104.network_interface_id": "",
                            "route.199609104.vpc_peering_connection_id": "pcx-3d538054",
                            "route.2137738362.cidr_block": "10.114.104.0/22",
                            "route.2137738362.egress_only_gateway_id": "",
                            "route.2137738362.gateway_id": "",
                            "route.2137738362.instance_id": "",
                            "route.2137738362.ipv6_cidr_block": "",
                            "route.2137738362.nat_gateway_id": "",
                            "route.2137738362.network_interface_id": "",
                            "route.2137738362.vpc_peering_connection_id": "pcx-56b46c3f",
                            "route.2448141467.cidr_block": "10.114.100.0/22",
                            "route.2448141467.egress_only_gateway_id": "",
                            "route.2448141467.gateway_id": "",
                            "route.2448141467.instance_id": "",
                            "route.2448141467.ipv6_cidr_block": "",
                            "route.2448141467.nat_gateway_id": "",
                            "route.2448141467.network_interface_id": "",
                            "route.2448141467.vpc_peering_connection_id": "pcx-57b46c3e",
                            "route.2951406823.cidr_block": "0.0.0.0/0",
                            "route.2951406823.egress_only_gateway_id": "",
                            "route.2951406823.gateway_id": "",
                            "route.2951406823.instance_id": "",
                            "route.2951406823.ipv6_cidr_block": "",
                            "route.2951406823.nat_gateway_id": "nat-076de3ea6462dfa41",
                            "route.2951406823.network_interface_id": "",
                            "route.2951406823.vpc_peering_connection_id": "",
                            "route.3633124353.cidr_block": "10.114.96.0/22",
                            "route.3633124353.egress_only_gateway_id": "",
                            "route.3633124353.gateway_id": "",
                            "route.3633124353.instance_id": "",
                            "route.3633124353.ipv6_cidr_block": "",
                            "route.3633124353.nat_gateway_id": "",
                            "route.3633124353.network_interface_id": "",
                            "route.3633124353.vpc_peering_connection_id": "pcx-29b46c40",
                            "tags.%": "5",
                            "tags.Name": "pipeline-natdc-routetable",
                            "tags.account_name": "jive-microservices-pipeline",
                            "tags.pipeline_phase": "pipeline",
                            "tags.region": "eu-central-1",
                            "tags.sla": "non-prod",
                            "vpc_id": "vpc-67120e0e"
                        },
                        "meta": {},
                        "tainted": false
                    },
                    "deposed": [],
                    "provider": ""
                },
                "aws_route_table.natdc.1": {
                    "type": "aws_route_table",
                    "depends_on": [
                        "aws_nat_gateway.natgw.*",
                        "aws_vpc.main",
                        "aws_vpn_gateway.vgw"
                    ],
                    "primary": {
                        "id": "rtb-144f197c",
                        "attributes": {
                            "id": "rtb-144f197c",
                            "propagating_vgws.#": "1",
                            "propagating_vgws.180283922": "vgw-78c14e48",
                            "route.#": "1",
                            "route.2561295060.cidr_block": "0.0.0.0/0",
                            "route.2561295060.egress_only_gateway_id": "",
                            "route.2561295060.gateway_id": "",
                            "route.2561295060.instance_id": "",
                            "route.2561295060.ipv6_cidr_block": "",
                            "route.2561295060.nat_gateway_id": "nat-061e5451fdca3b3ca",
                            "route.2561295060.network_interface_id": "",
                            "route.2561295060.vpc_peering_connection_id": "",
                            "tags.%": "5",
                            "tags.Name": "pipeline-natdc-routetable",
                            "tags.account_name": "jive-microservices-pipeline",
                            "tags.pipeline_phase": "pipeline",
                            "tags.region": "eu-central-1",
                            "tags.sla": "non-prod",
                            "vpc_id": "vpc-67120e0e"
                        },
                        "meta": {},
                        "tainted": false
                    },
                    "deposed": [],
                    "provider": ""
                },
                "aws_route_table.private": {
                    "type": "aws_route_table",
                    "depends_on": [
                        "aws_vpc.main"
                    ],
                    "primary": {
                        "id": "rtb-fb01f093",
                        "attributes": {
                            "id": "rtb-fb01f093",
                            "propagating_vgws.#": "0",
                            "route.#": "8",
                            "route.1080954625.cidr_block": "10.126.128.0/20",
                            "route.1080954625.egress_only_gateway_id": "",
                            "route.1080954625.gateway_id": "",
                            "route.1080954625.instance_id": "",
                            "route.1080954625.ipv6_cidr_block": "",
                            "route.1080954625.nat_gateway_id": "",
                            "route.1080954625.network_interface_id": "",
                            "route.1080954625.vpc_peering_connection_id": "pcx-e61dc08f",
                            "route.1104772463.cidr_block": "10.114.244.0/22",
                            "route.1104772463.egress_only_gateway_id": "",
                            "route.1104772463.gateway_id": "",
                            "route.1104772463.instance_id": "",
                            "route.1104772463.ipv6_cidr_block": "",
                            "route.1104772463.nat_gateway_id": "",
                            "route.1104772463.network_interface_id": "",
                            "route.1104772463.vpc_peering_connection_id": "pcx-6589510c",
                            "route.167797922.cidr_block": "10.114.240.0/22",
                            "route.167797922.egress_only_gateway_id": "",
                            "route.167797922.gateway_id": "",
                            "route.167797922.instance_id": "",
                            "route.167797922.ipv6_cidr_block": "",
                            "route.167797922.nat_gateway_id": "",
                            "route.167797922.network_interface_id": "",
                            "route.167797922.vpc_peering_connection_id": "pcx-ba9941d3",
                            "route.1775477983.cidr_block": "10.114.248.0/22",
                            "route.1775477983.egress_only_gateway_id": "",
                            "route.1775477983.gateway_id": "",
                            "route.1775477983.instance_id": "",
                            "route.1775477983.ipv6_cidr_block": "",
                            "route.1775477983.nat_gateway_id": "",
                            "route.1775477983.network_interface_id": "",
                            "route.1775477983.vpc_peering_connection_id": "pcx-bd9941d4",
                            "route.199609104.cidr_block": "10.127.72.7/32",
                            "route.199609104.egress_only_gateway_id": "",
                            "route.199609104.gateway_id": "",
                            "route.199609104.instance_id": "",
                            "route.199609104.ipv6_cidr_block": "",
                            "route.199609104.nat_gateway_id": "",
                            "route.199609104.network_interface_id": "",
                            "route.199609104.vpc_peering_connection_id": "pcx-3d538054",
                            "route.2137738362.cidr_block": "10.114.104.0/22",
                            "route.2137738362.egress_only_gateway_id": "",
                            "route.2137738362.gateway_id": "",
                            "route.2137738362.instance_id": "",
                            "route.2137738362.ipv6_cidr_block": "",
                            "route.2137738362.nat_gateway_id": "",
                            "route.2137738362.network_interface_id": "",
                            "route.2137738362.vpc_peering_connection_id": "pcx-56b46c3f",
                            "route.2448141467.cidr_block": "10.114.100.0/22",
                            "route.2448141467.egress_only_gateway_id": "",
                            "route.2448141467.gateway_id": "",
                            "route.2448141467.instance_id": "",
                            "route.2448141467.ipv6_cidr_block": "",
                            "route.2448141467.nat_gateway_id": "",
                            "route.2448141467.network_interface_id": "",
                            "route.2448141467.vpc_peering_connection_id": "pcx-57b46c3e",
                            "route.3633124353.cidr_block": "10.114.96.0/22",
                            "route.3633124353.egress_only_gateway_id": "",
                            "route.3633124353.gateway_id": "",
                            "route.3633124353.instance_id": "",
                            "route.3633124353.ipv6_cidr_block": "",
                            "route.3633124353.nat_gateway_id": "",
                            "route.3633124353.network_interface_id": "",
                            "route.3633124353.vpc_peering_connection_id": "pcx-29b46c40",
                            "tags.%": "5",
                            "tags.Name": "pipeline-private-routetable",
                            "tags.account_name": "jive-microservices-pipeline",
                            "tags.pipeline_phase": "pipeline",
                            "tags.region": "eu-central-1",
                            "tags.sla": "non-prod",
                            "vpc_id": "vpc-67120e0e"
                        },
                        "meta": {},
                        "tainted": false
                    },
                    "deposed": [],
                    "provider": ""
                },
                "aws_route_table.public": {
                    "type": "aws_route_table",
                    "depends_on": [
                        "aws_internet_gateway.igw",
                        "aws_vpc.main"
                    ],
                    "primary": {
                        "id": "rtb-f401f09c",
                        "attributes": {
                            "id": "rtb-f401f09c",
                            "propagating_vgws.#": "0",
                            "route.#": "9",
                            "route.1080954625.cidr_block": "10.126.128.0/20",
                            "route.1080954625.egress_only_gateway_id": "",
                            "route.1080954625.gateway_id": "",
                            "route.1080954625.instance_id": "",
                            "route.1080954625.ipv6_cidr_block": "",
                            "route.1080954625.nat_gateway_id": "",
                            "route.1080954625.network_interface_id": "",
                            "route.1080954625.vpc_peering_connection_id": "pcx-e61dc08f",
                            "route.1104772463.cidr_block": "10.114.244.0/22",
                            "route.1104772463.egress_only_gateway_id": "",
                            "route.1104772463.gateway_id": "",
                            "route.1104772463.instance_id": "",
                            "route.1104772463.ipv6_cidr_block": "",
                            "route.1104772463.nat_gateway_id": "",
                            "route.1104772463.network_interface_id": "",
                            "route.1104772463.vpc_peering_connection_id": "pcx-6589510c",
                            "route.136062497.cidr_block": "0.0.0.0/0",
                            "route.136062497.egress_only_gateway_id": "",
                            "route.136062497.gateway_id": "igw-7d81ea14",
                            "route.136062497.instance_id": "",
                            "route.136062497.ipv6_cidr_block": "",
                            "route.136062497.nat_gateway_id": "",
                            "route.136062497.network_interface_id": "",
                            "route.136062497.vpc_peering_connection_id": "",
                            "route.167797922.cidr_block": "10.114.240.0/22",
                            "route.167797922.egress_only_gateway_id": "",
                            "route.167797922.gateway_id": "",
                            "route.167797922.instance_id": "",
                            "route.167797922.ipv6_cidr_block": "",
                            "route.167797922.nat_gateway_id": "",
                            "route.167797922.network_interface_id": "",
                            "route.167797922.vpc_peering_connection_id": "pcx-ba9941d3",
                            "route.1775477983.cidr_block": "10.114.248.0/22",
                            "route.1775477983.egress_only_gateway_id": "",
                            "route.1775477983.gateway_id": "",
                            "route.1775477983.instance_id": "",
                            "route.1775477983.ipv6_cidr_block": "",
                            "route.1775477983.nat_gateway_id": "",
                            "route.1775477983.network_interface_id": "",
                            "route.1775477983.vpc_peering_connection_id": "pcx-bd9941d4",
                            "route.199609104.cidr_block": "10.127.72.7/32",
                            "route.199609104.egress_only_gateway_id": "",
                            "route.199609104.gateway_id": "",
                            "route.199609104.instance_id": "",
                            "route.199609104.ipv6_cidr_block": "",
                            "route.199609104.nat_gateway_id": "",
                            "route.199609104.network_interface_id": "",
                            "route.199609104.vpc_peering_connection_id": "pcx-3d538054",
                            "route.2137738362.cidr_block": "10.114.104.0/22",
                            "route.2137738362.egress_only_gateway_id": "",
                            "route.2137738362.gateway_id": "",
                            "route.2137738362.instance_id": "",
                            "route.2137738362.ipv6_cidr_block": "",
                            "route.2137738362.nat_gateway_id": "",
                            "route.2137738362.network_interface_id": "",
                            "route.2137738362.vpc_peering_connection_id": "pcx-56b46c3f",
                            "route.2448141467.cidr_block": "10.114.100.0/22",
                            "route.2448141467.egress_only_gateway_id": "",
                            "route.2448141467.gateway_id": "",
                            "route.2448141467.instance_id": "",
                            "route.2448141467.ipv6_cidr_block": "",
                            "route.2448141467.nat_gateway_id": "",
                            "route.2448141467.network_interface_id": "",
                            "route.2448141467.vpc_peering_connection_id": "pcx-57b46c3e",
                            "route.3633124353.cidr_block": "10.114.96.0/22",
                            "route.3633124353.egress_only_gateway_id": "",
                            "route.3633124353.gateway_id": "",
                            "route.3633124353.instance_id": "",
                            "route.3633124353.ipv6_cidr_block": "",
                            "route.3633124353.nat_gateway_id": "",
                            "route.3633124353.network_interface_id": "",
                            "route.3633124353.vpc_peering_connection_id": "pcx-29b46c40",
                            "tags.%": "6",
                            "tags.KubernetesCluster": "eu-central-1_jive-microservices-pipeline",
                            "tags.Name": "pipeline-public-routetable",
                            "tags.account_name": "jive-microservices-pipeline",
                            "tags.pipeline_phase": "pipeline",
                            "tags.region": "eu-central-1",
                            "tags.sla": "non-prod",
                            "vpc_id": "vpc-67120e0e"
                        },
                        "meta": {},
                        "tainted": false
                    },
                    "deposed": [],
                    "provider": ""
                },
                "aws_route_table_association.natdc.0": {
                    "type": "aws_route_table_association",
                    "depends_on": [
                        "aws_route_table.natdc.*",
                        "aws_subnet.natdc.*"
                    ],
                    "primary": {
                        "id": "rtbassoc-6fbb3a07",
                        "attributes": {
                            "id": "rtbassoc-6fbb3a07",
                            "route_table_id": "rtb-a101f0c9",
                            "subnet_id": "subnet-5647a32c"
                        },
                        "meta": {},
                        "tainted": false
                    },
                    "deposed": [],
                    "provider": ""
                },
                "aws_route_table_association.natdc.1": {
                    "type": "aws_route_table_association",
                    "depends_on": [
                        "aws_route_table.natdc.*",
                        "aws_subnet.natdc.*"
                    ],
                    "primary": {
                        "id": "rtbassoc-e2d11e89",
                        "attributes": {
                            "id": "rtbassoc-e2d11e89",
                            "route_table_id": "rtb-144f197c",
                            "subnet_id": "subnet-79489f11"
                        },
                        "meta": {},
                        "tainted": false
                    },
                    "deposed": [],
                    "provider": ""
                },
                "aws_route_table_association.private.0": {
                    "type": "aws_route_table_association",
                    "depends_on": [
                        "aws_route_table.private",
                        "aws_subnet.private"
                    ],
                    "primary": {
                        "id": "rtbassoc-a6b839ce",
                        "attributes": {
                            "id": "rtbassoc-a6b839ce",
                            "route_table_id": "rtb-fb01f093",
                            "subnet_id": "subnet-7a489f12"
                        },
                        "meta": {},
                        "tainted": false
                    },
                    "deposed": [],
                    "provider": ""
                },
                "aws_route_table_association.private.1": {
                    "type": "aws_route_table_association",
                    "depends_on": [
                        "aws_route_table.private",
                        "aws_subnet.private"
                    ],
                    "primary": {
                        "id": "rtbassoc-a5b839cd",
                        "attributes": {
                            "id": "rtbassoc-a5b839cd",
                            "route_table_id": "rtb-fb01f093",
                            "subnet_id": "subnet-5f47a325"
                        },
                        "meta": {},
                        "tainted": false
                    },
                    "deposed": [],
                    "provider": ""
                },
                "aws_route_table_association.public.0": {
                    "type": "aws_route_table_association",
                    "depends_on": [
                        "aws_route_table.public",
                        "aws_subnet.public"
                    ],
                    "primary": {
                        "id": "rtbassoc-a7b839cf",
                        "attributes": {
                            "id": "rtbassoc-a7b839cf",
                            "route_table_id": "rtb-f401f09c",
                            "subnet_id": "subnet-7f489f17"
                        },
                        "meta": {},
                        "tainted": false
                    },
                    "deposed": [],
                    "provider": ""
                },
                "aws_route_table_association.public.1": {
                    "type": "aws_route_table_association",
                    "depends_on": [
                        "aws_route_table.public",
                        "aws_subnet.public"
                    ],
                    "primary": {
                        "id": "rtbassoc-b8b839d0",
                        "attributes": {
                            "id": "rtbassoc-b8b839d0",
                            "route_table_id": "rtb-f401f09c",
                            "subnet_id": "subnet-5c47a326"
                        },
                        "meta": {},
                        "tainted": false
                    },
                    "deposed": [],
                    "provider": ""
                },
                "aws_security_group.env_instance": {
                    "type": "aws_security_group",
                    "depends_on": [
                        "aws_vpc.main",
                        "data.aws_security_group.bastion"
                    ],
                    "primary": {
                        "id": "sg-efbf2387",
                        "attributes": {
                            "description": "All instances within the evironment",
                            "egress.#": "1",
                            "egress.482069346.cidr_blocks.#": "1",
                            "egress.482069346.cidr_blocks.0": "0.0.0.0/0",
                            "egress.482069346.from_port": "0",
                            "egress.482069346.ipv6_cidr_blocks.#": "0",
                            "egress.482069346.prefix_list_ids.#": "0",
                            "egress.482069346.protocol": "-1",
                            "egress.482069346.security_groups.#": "0",
                            "egress.482069346.self": "false",
                            "egress.482069346.to_port": "0",
                            "id": "sg-efbf2387",
                            "ingress.#": "2",
                            "ingress.2057450779.cidr_blocks.#": "0",
                            "ingress.2057450779.from_port": "8",
                            "ingress.2057450779.ipv6_cidr_blocks.#": "0",
                            "ingress.2057450779.protocol": "icmp",
                            "ingress.2057450779.security_groups.#": "1",
                            "ingress.2057450779.security_groups.1436124298": "sg-b0831fd8",
                            "ingress.2057450779.self": "false",
                            "ingress.2057450779.to_port": "0",
                            "ingress.3352750776.cidr_blocks.#": "0",
                            "ingress.3352750776.from_port": "22",
                            "ingress.3352750776.ipv6_cidr_blocks.#": "0",
                            "ingress.3352750776.protocol": "tcp",
                            "ingress.3352750776.security_groups.#": "1",
                            "ingress.3352750776.security_groups.1436124298": "sg-b0831fd8",
                            "ingress.3352750776.self": "false",
                            "ingress.3352750776.to_port": "22",
                            "name": "pipeline-instance",
                            "owner_id": "811034720611",
                            "tags.%": "5",
                            "tags.Name": "pipeline-instance",
                            "tags.account_name": "jive-microservices-pipeline",
                            "tags.pipeline_phase": "pipeline",
                            "tags.region": "eu-central-1",
                            "tags.sla": "non-prod",
                            "vpc_id": "vpc-67120e0e"
                        },
                        "meta": {},
                        "tainted": false
                    },
                    "deposed": [],
                    "provider": ""
                },
                "aws_subnet.natdc.0": {
                    "type": "aws_subnet",
                    "depends_on": [
                        "aws_vpc.main"
                    ],
                    "primary": {
                        "id": "subnet-79489f11",
                        "attributes": {
                            "assign_ipv6_address_on_creation": "false",
                            "availability_zone": "eu-central-1a",
                            "cidr_block": "10.114.144.0/22",
                            "id": "subnet-79489f11",
                            "map_public_ip_on_launch": "false",
                            "tags.%": "7",
                            "tags.KubernetesCluster": "eu-central-1_jive-microservices-pipeline",
                            "tags.Name": "pipeline-natdc-subnet",
                            "tags.account_name": "jive-microservices-pipeline",
                            "tags.kubernetes.io/role/internal-elb": "eu-central-1_jive-microservices-pipeline",
                            "tags.pipeline_phase": "pipeline",
                            "tags.region": "eu-central-1",
                            "tags.sla": "non-prod",
                            "vpc_id": "vpc-67120e0e"
                        },
                        "meta": {},
                        "tainted": false
                    },
                    "deposed": [],
                    "provider": ""
                },
                "aws_subnet.natdc.1": {
                    "type": "aws_subnet",
                    "depends_on": [
                        "aws_vpc.main"
                    ],
                    "primary": {
                        "id": "subnet-5647a32c",
                        "attributes": {
                            "assign_ipv6_address_on_creation": "false",
                            "availability_zone": "eu-central-1b",
                            "cidr_block": "10.114.148.0/22",
                            "id": "subnet-5647a32c",
                            "map_public_ip_on_launch": "false",
                            "tags.%": "7",
                            "tags.KubernetesCluster": "eu-central-1_jive-microservices-pipeline",
                            "tags.Name": "pipeline-natdc-subnet",
                            "tags.account_name": "jive-microservices-pipeline",
                            "tags.kubernetes.io/role/internal-elb": "eu-central-1_jive-microservices-pipeline",
                            "tags.pipeline_phase": "pipeline",
                            "tags.region": "eu-central-1",
                            "tags.sla": "non-prod",
                            "vpc_id": "vpc-67120e0e"
                        },
                        "meta": {},
                        "tainted": false
                    },
                    "deposed": [],
                    "provider": ""
                },
                "aws_subnet.private.0": {
                    "type": "aws_subnet",
                    "depends_on": [
                        "aws_vpc.main"
                    ],
                    "primary": {
                        "id": "subnet-7a489f12",
                        "attributes": {
                            "assign_ipv6_address_on_creation": "false",
                            "availability_zone": "eu-central-1a",
                            "cidr_block": "10.114.157.128/25",
                            "id": "subnet-7a489f12",
                            "map_public_ip_on_launch": "false",
                            "tags.%": "5",
                            "tags.Name": "pipeline-private-subnet",
                            "tags.account_name": "jive-microservices-pipeline",
                            "tags.pipeline_phase": "pipeline",
                            "tags.region": "eu-central-1",
                            "tags.sla": "non-prod",
                            "vpc_id": "vpc-67120e0e"
                        },
                        "meta": {},
                        "tainted": false
                    },
                    "deposed": [],
                    "provider": ""
                },
                "aws_subnet.private.1": {
                    "type": "aws_subnet",
                    "depends_on": [
                        "aws_vpc.main"
                    ],
                    "primary": {
                        "id": "subnet-5f47a325",
                        "attributes": {
                            "assign_ipv6_address_on_creation": "false",
                            "availability_zone": "eu-central-1b",
                            "cidr_block": "10.114.158.0/25",
                            "id": "subnet-5f47a325",
                            "map_public_ip_on_launch": "false",
                            "tags.%": "5",
                            "tags.Name": "pipeline-private-subnet",
                            "tags.account_name": "jive-microservices-pipeline",
                            "tags.pipeline_phase": "pipeline",
                            "tags.region": "eu-central-1",
                            "tags.sla": "non-prod",
                            "vpc_id": "vpc-67120e0e"
                        },
                        "meta": {},
                        "tainted": false
                    },
                    "deposed": [],
                    "provider": ""
                },
                "aws_subnet.public.0": {
                    "type": "aws_subnet",
                    "depends_on": [
                        "aws_vpc.main"
                    ],
                    "primary": {
                        "id": "subnet-7f489f17",
                        "attributes": {
                            "assign_ipv6_address_on_creation": "false",
                            "availability_zone": "eu-central-1a",
                            "cidr_block": "10.114.156.0/25",
                            "id": "subnet-7f489f17",
                            "map_public_ip_on_launch": "false",
                            "tags.%": "6",
                            "tags.KubernetesCluster": "eu-central-1_jive-microservices-pipeline",
                            "tags.Name": "pipeline-public-subnet",
                            "tags.account_name": "jive-microservices-pipeline",
                            "tags.pipeline_phase": "pipeline",
                            "tags.region": "eu-central-1",
                            "tags.sla": "non-prod",
                            "vpc_id": "vpc-67120e0e"
                        },
                        "meta": {},
                        "tainted": false
                    },
                    "deposed": [],
                    "provider": ""
                },
                "aws_subnet.public.1": {
                    "type": "aws_subnet",
                    "depends_on": [
                        "aws_vpc.main"
                    ],
                    "primary": {
                        "id": "subnet-5c47a326",
                        "attributes": {
                            "assign_ipv6_address_on_creation": "false",
                            "availability_zone": "eu-central-1b",
                            "cidr_block": "10.114.156.128/25",
                            "id": "subnet-5c47a326",
                            "map_public_ip_on_launch": "false",
                            "tags.%": "6",
                            "tags.KubernetesCluster": "eu-central-1_jive-microservices-pipeline",
                            "tags.Name": "pipeline-public-subnet",
                            "tags.account_name": "jive-microservices-pipeline",
                            "tags.pipeline_phase": "pipeline",
                            "tags.region": "eu-central-1",
                            "tags.sla": "non-prod",
                            "vpc_id": "vpc-67120e0e"
                        },
                        "meta": {},
                        "tainted": false
                    },
                    "deposed": [],
                    "provider": ""
                },
                "aws_vpc.main": {
                    "type": "aws_vpc",
                    "depends_on": [],
                    "primary": {
                        "id": "vpc-67120e0e",
                        "attributes": {
                            "assign_generated_ipv6_cidr_block": "false",
                            "cidr_block": "10.114.144.0/20",
                            "default_network_acl_id": "acl-29877241",
                            "default_route_table_id": "rtb-e301f08b",
                            "default_security_group_id": "sg-1dbf2375",
                            "dhcp_options_id": "dopt-2d7ecd44",
                            "enable_dns_hostnames": "true",
                            "enable_dns_support": "true",
                            "id": "vpc-67120e0e",
                            "instance_tenancy": "default",
                            "main_route_table_id": "rtb-e301f08b",
                            "tags.%": "5",
                            "tags.Name": "pipeline-vpc",
                            "tags.account_name": "jive-microservices-pipeline",
                            "tags.pipeline_phase": "pipeline",
                            "tags.region": "eu-central-1",
                            "tags.sla": "non-prod"
                        },
                        "meta": {
                            "schema_version": "1"
                        },
                        "tainted": false
                    },
                    "deposed": [],
                    "provider": ""
                },
                "aws_vpc_peering_connection.data_integ": {
                    "type": "aws_vpc_peering_connection",
                    "depends_on": [
                        "aws_vpc.main"
                    ],
                    "primary": {
                        "id": "pcx-29b46c40",
                        "attributes": {
                            "accept_status": "active",
                            "accepter.#": "0",
                            "id": "pcx-29b46c40",
                            "peer_owner_id": "999547976641",
                            "peer_vpc_id": "vpc-fd2bf495",
                            "requester.#": "1",
                            "requester.3244290774.allow_classic_link_to_remote_vpc": "false",
                            "requester.3244290774.allow_remote_vpc_dns_resolution": "false",
                            "requester.3244290774.allow_vpc_to_remote_classic_link": "false",
                            "tags.%": "5",
                            "tags.Name": "pipeline_to_data_account_integ",
                            "tags.account_name": "jive-microservices-pipeline",
                            "tags.pipeline_phase": "pipeline",
                            "tags.region": "eu-central-1",
                            "tags.sla": "non-prod",
                            "vpc_id": "vpc-67120e0e"
                        },
                        "meta": {},
                        "tainted": false
                    },
                    "deposed": [],
                    "provider": ""
                },
                "aws_vpc_peering_connection.data_release": {
                    "type": "aws_vpc_peering_connection",
                    "depends_on": [
                        "aws_vpc.main"
                    ],
                    "primary": {
                        "id": "pcx-56b46c3f",
                        "attributes": {
                            "accept_status": "active",
                            "accepter.#": "0",
                            "id": "pcx-56b46c3f",
                            "peer_owner_id": "999547976641",
                            "peer_vpc_id": "vpc-4729f62f",
                            "requester.#": "1",
                            "requester.3244290774.allow_classic_link_to_remote_vpc": "false",
                            "requester.3244290774.allow_remote_vpc_dns_resolution": "false",
                            "requester.3244290774.allow_vpc_to_remote_classic_link": "false",
                            "tags.%": "5",
                            "tags.Name": "pipeline_to_data_account_release",
                            "tags.account_name": "jive-microservices-pipeline",
                            "tags.pipeline_phase": "pipeline",
                            "tags.region": "eu-central-1",
                            "tags.sla": "non-prod",
                            "vpc_id": "vpc-67120e0e"
                        },
                        "meta": {},
                        "tainted": false
                    },
                    "deposed": [],
                    "provider": ""
                },
                "aws_vpc_peering_connection.data_test": {
                    "type": "aws_vpc_peering_connection",
                    "depends_on": [
                        "aws_vpc.main"
                    ],
                    "primary": {
                        "id": "pcx-57b46c3e",
                        "attributes": {
                            "accept_status": "active",
                            "accepter.#": "0",
                            "id": "pcx-57b46c3e",
                            "peer_owner_id": "999547976641",
                            "peer_vpc_id": "vpc-d12af5b9",
                            "requester.#": "1",
                            "requester.3244290774.allow_classic_link_to_remote_vpc": "false",
                            "requester.3244290774.allow_remote_vpc_dns_resolution": "false",
                            "requester.3244290774.allow_vpc_to_remote_classic_link": "false",
                            "tags.%": "5",
                            "tags.Name": "pipeline_to_data_account_test",
                            "tags.account_name": "jive-microservices-pipeline",
                            "tags.pipeline_phase": "pipeline",
                            "tags.region": "eu-central-1",
                            "tags.sla": "non-prod",
                            "vpc_id": "vpc-67120e0e"
                        },
                        "meta": {},
                        "tainted": false
                    },
                    "deposed": [],
                    "provider": ""
                },
                "aws_vpc_peering_connection.infra": {
                    "type": "aws_vpc_peering_connection",
                    "depends_on": [
                        "aws_vpc.main"
                    ],
                    "primary": {
                        "id": "pcx-3d538054",
                        "attributes": {
                            "accept_status": "active",
                            "accepter.#": "1",
                            "accepter.3244290774.allow_classic_link_to_remote_vpc": "false",
                            "accepter.3244290774.allow_remote_vpc_dns_resolution": "false",
                            "accepter.3244290774.allow_vpc_to_remote_classic_link": "false",
                            "auto_accept": "true",
                            "id": "pcx-3d538054",
                            "peer_owner_id": "811034720611",
                            "peer_vpc_id": "vpc-52100c3b",
                            "requester.#": "1",
                            "requester.3244290774.allow_classic_link_to_remote_vpc": "false",
                            "requester.3244290774.allow_remote_vpc_dns_resolution": "false",
                            "requester.3244290774.allow_vpc_to_remote_classic_link": "false",
                            "tags.%": "5",
                            "tags.Name": "pipeline_to_infra-jive-microservices-pipeline",
                            "tags.account_name": "jive-microservices-pipeline",
                            "tags.pipeline_phase": "pipeline",
                            "tags.region": "eu-central-1",
                            "tags.sla": "non-prod",
                            "vpc_id": "vpc-67120e0e"
                        },
                        "meta": {},
                        "tainted": false
                    },
                    "deposed": [],
                    "provider": ""
                },
                "aws_vpc_peering_connection.jcx": {
                    "type": "aws_vpc_peering_connection",
                    "depends_on": [
                        "aws_vpc.main"
                    ],
                    "primary": {
                        "id": "pcx-e61dc08f",
                        "attributes": {
                            "accept_status": "active",
                            "accepter.#": "1",
                            "accepter.3244290774.allow_classic_link_to_remote_vpc": "false",
                            "accepter.3244290774.allow_remote_vpc_dns_resolution": "false",
                            "accepter.3244290774.allow_vpc_to_remote_classic_link": "false",
                            "auto_accept": "true",
                            "id": "pcx-e61dc08f",
                            "peer_owner_id": "811034720611",
                            "peer_vpc_id": "vpc-7bd53813",
                            "requester.#": "1",
                            "requester.3244290774.allow_classic_link_to_remote_vpc": "false",
                            "requester.3244290774.allow_remote_vpc_dns_resolution": "false",
                            "requester.3244290774.allow_vpc_to_remote_classic_link": "false",
                            "tags.%": "5",
                            "tags.Name": "pipeline_to_jcx_component_vpc",
                            "tags.account_name": "jive-microservices-pipeline",
                            "tags.pipeline_phase": "pipeline",
                            "tags.region": "eu-central-1",
                            "tags.sla": "non-prod",
                            "vpc_id": "vpc-67120e0e"
                        },
                        "meta": {},
                        "tainted": false
                    },
                    "deposed": [],
                    "provider": ""
                },
                "aws_vpc_peering_connection.reco_integ": {
                    "type": "aws_vpc_peering_connection",
                    "depends_on": [
                        "aws_vpc.main"
                    ],
                    "primary": {
                        "id": "pcx-ba9941d3",
                        "attributes": {
                            "accept_status": "active",
                            "accepter.#": "0",
                            "id": "pcx-ba9941d3",
                            "peer_owner_id": "642745549043",
                            "peer_vpc_id": "vpc-034c916b",
                            "requester.#": "1",
                            "requester.3244290774.allow_classic_link_to_remote_vpc": "false",
                            "requester.3244290774.allow_remote_vpc_dns_resolution": "false",
                            "requester.3244290774.allow_vpc_to_remote_classic_link": "false",
                            "tags.%": "5",
                            "tags.Name": "pipeline_to_reco_account_integ",
                            "tags.account_name": "jive-microservices-pipeline",
                            "tags.pipeline_phase": "pipeline",
                            "tags.region": "eu-central-1",
                            "tags.sla": "non-prod",
                            "vpc_id": "vpc-67120e0e"
                        },
                        "meta": {},
                        "tainted": false
                    },
                    "deposed": [],
                    "provider": ""
                },
                "aws_vpc_peering_connection.reco_release": {
                    "type": "aws_vpc_peering_connection",
                    "depends_on": [
                        "aws_vpc.main"
                    ],
                    "primary": {
                        "id": "pcx-bd9941d4",
                        "attributes": {
                            "accept_status": "active",
                            "accepter.#": "0",
                            "id": "pcx-bd9941d4",
                            "peer_owner_id": "642745549043",
                            "peer_vpc_id": "vpc-104f9278",
                            "requester.#": "1",
                            "requester.3244290774.allow_classic_link_to_remote_vpc": "false",
                            "requester.3244290774.allow_remote_vpc_dns_resolution": "false",
                            "requester.3244290774.allow_vpc_to_remote_classic_link": "false",
                            "tags.%": "5",
                            "tags.Name": "pipeline_to_reco_account_release",
                            "tags.account_name": "jive-microservices-pipeline",
                            "tags.pipeline_phase": "pipeline",
                            "tags.region": "eu-central-1",
                            "tags.sla": "non-prod",
                            "vpc_id": "vpc-67120e0e"
                        },
                        "meta": {},
                        "tainted": false
                    },
                    "deposed": [],
                    "provider": ""
                },
                "aws_vpc_peering_connection.reco_test": {
                    "type": "aws_vpc_peering_connection",
                    "depends_on": [
                        "aws_vpc.main"
                    ],
                    "primary": {
                        "id": "pcx-6589510c",
                        "attributes": {
                            "accept_status": "active",
                            "accepter.#": "0",
                            "id": "pcx-6589510c",
                            "peer_owner_id": "642745549043",
                            "peer_vpc_id": "vpc-6367bb0b",
                            "requester.#": "1",
                            "requester.3244290774.allow_classic_link_to_remote_vpc": "false",
                            "requester.3244290774.allow_remote_vpc_dns_resolution": "false",
                            "requester.3244290774.allow_vpc_to_remote_classic_link": "false",
                            "tags.%": "5",
                            "tags.Name": "pipeline_to_reco_account_test",
                            "tags.account_name": "jive-microservices-pipeline",
                            "tags.pipeline_phase": "pipeline",
                            "tags.region": "eu-central-1",
                            "tags.sla": "non-prod",
                            "vpc_id": "vpc-67120e0e"
                        },
                        "meta": {},
                        "tainted": false
                    },
                    "deposed": [],
                    "provider": ""
                },
                "aws_vpn_gateway.vgw": {
                    "type": "aws_vpn_gateway",
                    "depends_on": [
                        "aws_vpc.main"
                    ],
                    "primary": {
                        "id": "vgw-78c14e48",
                        "attributes": {
                            "availability_zone": "",
                            "id": "vgw-78c14e48",
                            "tags.%": "7",
                            "tags.Name": "pipeline-vgw",
                            "tags.account_name": "jive-microservices-pipeline",
                            "tags.jive_service": "infrastructure",
                            "tags.pipeline_phase": "pipeline",
                            "tags.region": "eu-central-1",
                            "tags.service_component": "vpn_gateway",
                            "tags.sla": "non-prod",
                            "vpc_id": "vpc-67120e0e"
                        },
                        "meta": {},
                        "tainted": false
                    },
                    "deposed": [],
                    "provider": ""
                },
                "data.aws_security_group.bastion": {
                    "type": "aws_security_group",
                    "depends_on": [],
                    "primary": {
                        "id": "sg-b0831fd8",
                        "attributes": {
                            "filter.#": "1",
                            "filter.1570582610.name": "tag:Name",
                            "filter.1570582610.values.#": "1",
                            "filter.1570582610.values.3783125633": "infra-pipeline-jive-phx-dc",
                            "id": "sg-b0831fd8",
                            "name": "infra-pipeline-jive-phx-dc",
                            "tags.%": "5",
                            "tags.Name": "infra-pipeline-jive-phx-dc",
                            "tags.account_name": "jive-microservices-pipeline",
                            "tags.pipeline_phase": "infra-pipeline",
                            "tags.region": "eu-central-1",
                            "tags.sla": "non-prod",
                            "vpc_id": "vpc-52100c3b"
                        },
                        "meta": {},
                        "tainted": false
                    },
                    "deposed": [],
                    "provider": ""
                }
            },
            "depends_on": []
        }
    ]
}
