{
    "version": 3,
    "terraform_version": "0.9.2",
    "serial": 58,
    "lineage": "dcb70db4-4081-48b0-9a92-32eac8773304",
    "modules": [
        {
            "path": [
                "root"
            ],
            "outputs": {},
            "resources": {
                "aws_eip.natgw.0": {
                    "type": "aws_eip",
                    "depends_on": [],
                    "primary": {
                        "id": "eipalloc-dc94f9bb",
                        "attributes": {
                            "association_id": "eipassoc-02d57f79",
                            "domain": "vpc",
                            "id": "eipalloc-dc94f9bb",
                            "instance": "",
                            "network_interface": "eni-a05833de",
                            "private_ip": "10.126.7.5",
                            "public_ip": "35.161.74.163",
                            "vpc": "true"
                        },
                        "meta": {},
                        "tainted": false
                    },
                    "deposed": [],
                    "provider": ""
                },
                "aws_eip.natgw.1": {
                    "type": "aws_eip",
                    "depends_on": [],
                    "primary": {
                        "id": "eipalloc-afe17995",
                        "attributes": {
                            "association_id": "",
                            "domain": "vpc",
                            "id": "eipalloc-afe17995",
                            "instance": "",
                            "network_interface": "",
                            "private_ip": "",
                            "public_ip": "34.209.122.77",
                            "vpc": "true"
                        },
                        "meta": {},
                        "tainted": false
                    },
                    "deposed": [],
                    "provider": ""
                },
                "aws_eip.natgw.2": {
                    "type": "aws_eip",
                    "depends_on": [],
                    "primary": {
                        "id": "eipalloc-31e67e0b",
                        "attributes": {
                            "association_id": "",
                            "domain": "vpc",
                            "id": "eipalloc-31e67e0b",
                            "instance": "",
                            "network_interface": "",
                            "private_ip": "",
                            "public_ip": "52.26.177.75",
                            "vpc": "true"
                        },
                        "meta": {},
                        "tainted": false
                    },
                    "deposed": [],
                    "provider": ""
                },
                "aws_internet_gateway.igw": {
                    "type": "aws_internet_gateway",
                    "depends_on": [
                        "aws_vpc.main"
                    ],
                    "primary": {
                        "id": "igw-11fa6c75",
                        "attributes": {
                            "id": "igw-11fa6c75",
                            "tags.%": "5",
                            "tags.Account_name": "jive-reco-pipeline",
                            "tags.Name": "test-igw",
                            "tags.Pipeline_phase": "test",
                            "tags.Region": "us-west-2",
                            "tags.SLA": "non-prod",
                            "vpc_id": "vpc-ea19ac8e"
                        },
                        "meta": {},
                        "tainted": false
                    },
                    "deposed": [],
                    "provider": ""
                },
                "aws_nat_gateway.natgw.0": {
                    "type": "aws_nat_gateway",
                    "depends_on": [
                        "aws_eip.natgw.*",
                        "aws_internet_gateway.igw",
                        "aws_subnet.public.*"
                    ],
                    "primary": {
                        "id": "nat-06ff7d793da4a33b6",
                        "attributes": {
                            "allocation_id": "eipalloc-dc94f9bb",
                            "id": "nat-06ff7d793da4a33b6",
                            "network_interface_id": "eni-88c9d8a0",
                            "private_ip": "10.126.7.25",
                            "public_ip": "35.161.74.163",
                            "subnet_id": "subnet-65db3e02"
                        },
                        "meta": {},
                        "tainted": false
                    },
                    "deposed": [],
                    "provider": ""
                },
                "aws_nat_gateway.natgw.1": {
                    "type": "aws_nat_gateway",
                    "depends_on": [
                        "aws_eip.natgw.*",
                        "aws_internet_gateway.igw",
                        "aws_subnet.public.*"
                    ],
                    "primary": {
                        "id": "nat-026869c0ca932ea73",
                        "attributes": {
                            "allocation_id": "eipalloc-afe17995",
                            "id": "nat-026869c0ca932ea73",
                            "network_interface_id": "eni-1dcafb27",
                            "private_ip": "10.126.7.56",
                            "public_ip": "34.209.122.77",
                            "subnet_id": "subnet-71f8c707"
                        },
                        "meta": {},
                        "tainted": false
                    },
                    "deposed": [],
                    "provider": ""
                },
                "aws_nat_gateway.natgw.2": {
                    "type": "aws_nat_gateway",
                    "depends_on": [
                        "aws_eip.natgw.*",
                        "aws_internet_gateway.igw",
                        "aws_subnet.public.*"
                    ],
                    "primary": {
                        "id": "nat-07dba2f14959cd9ad",
                        "attributes": {
                            "allocation_id": "eipalloc-31e67e0b",
                            "id": "nat-07dba2f14959cd9ad",
                            "network_interface_id": "eni-5fd89c53",
                            "private_ip": "10.126.7.80",
                            "public_ip": "52.26.177.75",
                            "subnet_id": "subnet-b86d06e0"
                        },
                        "meta": {},
                        "tainted": false
                    },
                    "deposed": [],
                    "provider": ""
                },
                "aws_route.bastion_natdc.0": {
                    "type": "aws_route",
                    "depends_on": [
                        "aws_route_table.natdc.*",
                        "aws_vpc_peering_connection.infra"
                    ],
                    "primary": {
                        "id": "r-rtb-3d2dad5a2599437051",
                        "attributes": {
                            "destination_cidr_block": "10.127.48.7/32",
                            "destination_prefix_list_id": "",
                            "egress_only_gateway_id": "",
                            "gateway_id": "",
                            "id": "r-rtb-3d2dad5a2599437051",
                            "instance_id": "",
                            "instance_owner_id": "",
                            "nat_gateway_id": "",
                            "network_interface_id": "",
                            "origin": "CreateRoute",
                            "route_table_id": "rtb-3d2dad5a",
                            "state": "active",
                            "vpc_peering_connection_id": "pcx-dac77db3"
                        },
                        "meta": {},
                        "tainted": false
                    },
                    "deposed": [],
                    "provider": ""
                },
                "aws_route.bastion_natdc.1": {
                    "type": "aws_route",
                    "depends_on": [
                        "aws_route_table.natdc.*",
                        "aws_vpc_peering_connection.infra"
                    ],
                    "primary": {
                        "id": "r-rtb-dc4f90ba2599437051",
                        "attributes": {
                            "destination_cidr_block": "10.127.48.7/32",
                            "destination_prefix_list_id": "",
                            "egress_only_gateway_id": "",
                            "gateway_id": "",
                            "id": "r-rtb-dc4f90ba2599437051",
                            "instance_id": "",
                            "instance_owner_id": "",
                            "nat_gateway_id": "",
                            "network_interface_id": "",
                            "origin": "CreateRoute",
                            "route_table_id": "rtb-dc4f90ba",
                            "state": "active",
                            "vpc_peering_connection_id": "pcx-dac77db3"
                        },
                        "meta": {},
                        "tainted": false
                    },
                    "deposed": [],
                    "provider": ""
                },
                "aws_route.bastion_natdc.2": {
                    "type": "aws_route",
                    "depends_on": [
                        "aws_route_table.natdc.*",
                        "aws_vpc_peering_connection.infra"
                    ],
                    "primary": {
                        "id": "r-rtb-ef548b892599437051",
                        "attributes": {
                            "destination_cidr_block": "10.127.48.7/32",
                            "destination_prefix_list_id": "",
                            "egress_only_gateway_id": "",
                            "gateway_id": "",
                            "id": "r-rtb-ef548b892599437051",
                            "instance_id": "",
                            "instance_owner_id": "",
                            "nat_gateway_id": "",
                            "network_interface_id": "",
                            "origin": "CreateRoute",
                            "route_table_id": "rtb-ef548b89",
                            "state": "active",
                            "vpc_peering_connection_id": "pcx-dac77db3"
                        },
                        "meta": {},
                        "tainted": false
                    },
                    "deposed": [],
                    "provider": ""
                },
                "aws_route.bastion_private": {
                    "type": "aws_route",
                    "depends_on": [
                        "aws_route_table.private",
                        "aws_vpc_peering_connection.infra"
                    ],
                    "primary": {
                        "id": "r-rtb-b90686de2599437051",
                        "attributes": {
                            "destination_cidr_block": "10.127.48.7/32",
                            "destination_prefix_list_id": "",
                            "egress_only_gateway_id": "",
                            "gateway_id": "",
                            "id": "r-rtb-b90686de2599437051",
                            "instance_id": "",
                            "instance_owner_id": "",
                            "nat_gateway_id": "",
                            "network_interface_id": "",
                            "origin": "CreateRoute",
                            "route_table_id": "rtb-b90686de",
                            "state": "active",
                            "vpc_peering_connection_id": "pcx-dac77db3"
                        },
                        "meta": {},
                        "tainted": false
                    },
                    "deposed": [],
                    "provider": ""
                },
                "aws_route.bastion_public": {
                    "type": "aws_route",
                    "depends_on": [
                        "aws_route_table.public",
                        "aws_vpc_peering_connection.infra"
                    ],
                    "primary": {
                        "id": "r-rtb-870d91e32599437051",
                        "attributes": {
                            "destination_cidr_block": "10.127.48.7/32",
                            "destination_prefix_list_id": "",
                            "egress_only_gateway_id": "",
                            "gateway_id": "",
                            "id": "r-rtb-870d91e32599437051",
                            "instance_id": "",
                            "instance_owner_id": "",
                            "nat_gateway_id": "",
                            "network_interface_id": "",
                            "origin": "CreateRoute",
                            "route_table_id": "rtb-870d91e3",
                            "state": "active",
                            "vpc_peering_connection_id": "pcx-dac77db3"
                        },
                        "meta": {},
                        "tainted": false
                    },
                    "deposed": [],
                    "provider": ""
                },
                "aws_route.infra_natdc.0": {
                    "type": "aws_route",
                    "depends_on": [
                        "aws_vpc_peering_connection.infra"
                    ],
                    "primary": {
                        "id": "r-rtb-6ae4730e1225380295",
                        "attributes": {
                            "destination_cidr_block": "10.126.4.0/22",
                            "destination_prefix_list_id": "",
                            "egress_only_gateway_id": "",
                            "gateway_id": "",
                            "id": "r-rtb-6ae4730e1225380295",
                            "instance_id": "",
                            "instance_owner_id": "",
                            "nat_gateway_id": "",
                            "network_interface_id": "",
                            "origin": "CreateRoute",
                            "route_table_id": "rtb-6ae4730e",
                            "state": "active",
                            "vpc_peering_connection_id": "pcx-dac77db3"
                        },
                        "meta": {},
                        "tainted": false
                    },
                    "deposed": [],
                    "provider": ""
                },
                "aws_route.infra_natdc.1": {
                    "type": "aws_route",
                    "depends_on": [
                        "aws_vpc_peering_connection.infra"
                    ],
                    "primary": {
                        "id": "r-rtb-f857889e1225380295",
                        "attributes": {
                            "destination_cidr_block": "10.126.4.0/22",
                            "destination_prefix_list_id": "",
                            "egress_only_gateway_id": "",
                            "gateway_id": "",
                            "id": "r-rtb-f857889e1225380295",
                            "instance_id": "",
                            "instance_owner_id": "",
                            "nat_gateway_id": "",
                            "network_interface_id": "",
                            "origin": "CreateRoute",
                            "route_table_id": "rtb-f857889e",
                            "state": "active",
                            "vpc_peering_connection_id": "pcx-dac77db3"
                        },
                        "meta": {},
                        "tainted": false
                    },
                    "deposed": [],
                    "provider": ""
                },
                "aws_route.infra_natdc.2": {
                    "type": "aws_route",
                    "depends_on": [
                        "aws_vpc_peering_connection.infra"
                    ],
                    "primary": {
                        "id": "r-rtb-94558af21225380295",
                        "attributes": {
                            "destination_cidr_block": "10.126.4.0/22",
                            "destination_prefix_list_id": "",
                            "egress_only_gateway_id": "",
                            "gateway_id": "",
                            "id": "r-rtb-94558af21225380295",
                            "instance_id": "",
                            "instance_owner_id": "",
                            "nat_gateway_id": "",
                            "network_interface_id": "",
                            "origin": "CreateRoute",
                            "route_table_id": "rtb-94558af2",
                            "state": "active",
                            "vpc_peering_connection_id": "pcx-dac77db3"
                        },
                        "meta": {},
                        "tainted": false
                    },
                    "deposed": [],
                    "provider": ""
                },
                "aws_route.infra_private": {
                    "type": "aws_route",
                    "depends_on": [
                        "aws_vpc_peering_connection.infra"
                    ],
                    "primary": {
                        "id": "r-rtb-c9e572ad1225380295",
                        "attributes": {
                            "destination_cidr_block": "10.126.4.0/22",
                            "destination_prefix_list_id": "",
                            "egress_only_gateway_id": "",
                            "gateway_id": "",
                            "id": "r-rtb-c9e572ad1225380295",
                            "instance_id": "",
                            "instance_owner_id": "",
                            "nat_gateway_id": "",
                            "network_interface_id": "",
                            "origin": "CreateRoute",
                            "route_table_id": "rtb-c9e572ad",
                            "state": "active",
                            "vpc_peering_connection_id": "pcx-dac77db3"
                        },
                        "meta": {},
                        "tainted": false
                    },
                    "deposed": [],
                    "provider": ""
                },
                "aws_route.infra_public": {
                    "type": "aws_route",
                    "depends_on": [
                        "aws_vpc_peering_connection.infra"
                    ],
                    "primary": {
                        "id": "r-rtb-cbe572af1225380295",
                        "attributes": {
                            "destination_cidr_block": "10.126.4.0/22",
                            "destination_prefix_list_id": "",
                            "egress_only_gateway_id": "",
                            "gateway_id": "",
                            "id": "r-rtb-cbe572af1225380295",
                            "instance_id": "",
                            "instance_owner_id": "",
                            "nat_gateway_id": "",
                            "network_interface_id": "",
                            "origin": "CreateRoute",
                            "route_table_id": "rtb-cbe572af",
                            "state": "active",
                            "vpc_peering_connection_id": "pcx-dac77db3"
                        },
                        "meta": {},
                        "tainted": false
                    },
                    "deposed": [],
                    "provider": ""
                },
                "aws_route.microservices_jcx_natdc.0": {
                    "type": "aws_route",
                    "depends_on": [
                        "aws_route_table.natdc.*"
                    ],
                    "primary": {
                        "id": "r-rtb-3d2dad5a1526251058",
                        "attributes": {
                            "destination_cidr_block": "10.122.64.0/20",
                            "destination_prefix_list_id": "",
                            "egress_only_gateway_id": "",
                            "gateway_id": "",
                            "id": "r-rtb-3d2dad5a1526251058",
                            "instance_id": "",
                            "instance_owner_id": "",
                            "nat_gateway_id": "",
                            "network_interface_id": "",
                            "origin": "CreateRoute",
                            "route_table_id": "rtb-3d2dad5a",
                            "state": "active",
                            "vpc_peering_connection_id": "pcx-52be3a3b"
                        },
                        "meta": {},
                        "tainted": false
                    },
                    "deposed": [],
                    "provider": ""
                },
                "aws_route.microservices_jcx_natdc.1": {
                    "type": "aws_route",
                    "depends_on": [
                        "aws_route_table.natdc.*"
                    ],
                    "primary": {
                        "id": "r-rtb-dc4f90ba1526251058",
                        "attributes": {
                            "destination_cidr_block": "10.122.64.0/20",
                            "destination_prefix_list_id": "",
                            "egress_only_gateway_id": "",
                            "gateway_id": "",
                            "id": "r-rtb-dc4f90ba1526251058",
                            "instance_id": "",
                            "instance_owner_id": "",
                            "nat_gateway_id": "",
                            "network_interface_id": "",
                            "origin": "CreateRoute",
                            "route_table_id": "rtb-dc4f90ba",
                            "state": "active",
                            "vpc_peering_connection_id": "pcx-52be3a3b"
                        },
                        "meta": {},
                        "tainted": false
                    },
                    "deposed": [],
                    "provider": ""
                },
                "aws_route.microservices_jcx_natdc.2": {
                    "type": "aws_route",
                    "depends_on": [
                        "aws_route_table.natdc.*"
                    ],
                    "primary": {
                        "id": "r-rtb-ef548b891526251058",
                        "attributes": {
                            "destination_cidr_block": "10.122.64.0/20",
                            "destination_prefix_list_id": "",
                            "egress_only_gateway_id": "",
                            "gateway_id": "",
                            "id": "r-rtb-ef548b891526251058",
                            "instance_id": "",
                            "instance_owner_id": "",
                            "nat_gateway_id": "",
                            "network_interface_id": "",
                            "origin": "CreateRoute",
                            "route_table_id": "rtb-ef548b89",
                            "state": "active",
                            "vpc_peering_connection_id": "pcx-52be3a3b"
                        },
                        "meta": {},
                        "tainted": false
                    },
                    "deposed": [],
                    "provider": ""
                },
                "aws_route.microservices_jcx_private": {
                    "type": "aws_route",
                    "depends_on": [
                        "aws_route_table.private"
                    ],
                    "primary": {
                        "id": "r-rtb-b90686de1526251058",
                        "attributes": {
                            "destination_cidr_block": "10.122.64.0/20",
                            "destination_prefix_list_id": "",
                            "egress_only_gateway_id": "",
                            "gateway_id": "",
                            "id": "r-rtb-b90686de1526251058",
                            "instance_id": "",
                            "instance_owner_id": "",
                            "nat_gateway_id": "",
                            "network_interface_id": "",
                            "origin": "CreateRoute",
                            "route_table_id": "rtb-b90686de",
                            "state": "active",
                            "vpc_peering_connection_id": "pcx-52be3a3b"
                        },
                        "meta": {},
                        "tainted": false
                    },
                    "deposed": [],
                    "provider": ""
                },
                "aws_route.microservices_jcx_public": {
                    "type": "aws_route",
                    "depends_on": [
                        "aws_route_table.public"
                    ],
                    "primary": {
                        "id": "r-rtb-870d91e31526251058",
                        "attributes": {
                            "destination_cidr_block": "10.122.64.0/20",
                            "destination_prefix_list_id": "",
                            "egress_only_gateway_id": "",
                            "gateway_id": "",
                            "id": "r-rtb-870d91e31526251058",
                            "instance_id": "",
                            "instance_owner_id": "",
                            "nat_gateway_id": "",
                            "network_interface_id": "",
                            "origin": "CreateRoute",
                            "route_table_id": "rtb-870d91e3",
                            "state": "active",
                            "vpc_peering_connection_id": "pcx-52be3a3b"
                        },
                        "meta": {},
                        "tainted": false
                    },
                    "deposed": [],
                    "provider": ""
                },
                "aws_route.microservices_natdc.0": {
                    "type": "aws_route",
                    "depends_on": [
                        "aws_route_table.natdc.*"
                    ],
                    "primary": {
                        "id": "r-rtb-3d2dad5a2125723008",
                        "attributes": {
                            "destination_cidr_block": "10.124.0.0/20",
                            "destination_prefix_list_id": "",
                            "egress_only_gateway_id": "",
                            "gateway_id": "",
                            "id": "r-rtb-3d2dad5a2125723008",
                            "instance_id": "",
                            "instance_owner_id": "",
                            "nat_gateway_id": "",
                            "network_interface_id": "",
                            "origin": "CreateRoute",
                            "route_table_id": "rtb-3d2dad5a",
                            "state": "active",
                            "vpc_peering_connection_id": "pcx-6e52e807"
                        },
                        "meta": {},
                        "tainted": false
                    },
                    "deposed": [],
                    "provider": ""
                },
                "aws_route.microservices_natdc.1": {
                    "type": "aws_route",
                    "depends_on": [
                        "aws_route_table.natdc.*"
                    ],
                    "primary": {
                        "id": "r-rtb-dc4f90ba2125723008",
                        "attributes": {
                            "destination_cidr_block": "10.124.0.0/20",
                            "destination_prefix_list_id": "",
                            "egress_only_gateway_id": "",
                            "gateway_id": "",
                            "id": "r-rtb-dc4f90ba2125723008",
                            "instance_id": "",
                            "instance_owner_id": "",
                            "nat_gateway_id": "",
                            "network_interface_id": "",
                            "origin": "CreateRoute",
                            "route_table_id": "rtb-dc4f90ba",
                            "state": "active",
                            "vpc_peering_connection_id": "pcx-6e52e807"
                        },
                        "meta": {},
                        "tainted": false
                    },
                    "deposed": [],
                    "provider": ""
                },
                "aws_route.microservices_natdc.2": {
                    "type": "aws_route",
                    "depends_on": [
                        "aws_route_table.natdc.*"
                    ],
                    "primary": {
                        "id": "r-rtb-ef548b892125723008",
                        "attributes": {
                            "destination_cidr_block": "10.124.0.0/20",
                            "destination_prefix_list_id": "",
                            "egress_only_gateway_id": "",
                            "gateway_id": "",
                            "id": "r-rtb-ef548b892125723008",
                            "instance_id": "",
                            "instance_owner_id": "",
                            "nat_gateway_id": "",
                            "network_interface_id": "",
                            "origin": "CreateRoute",
                            "route_table_id": "rtb-ef548b89",
                            "state": "active",
                            "vpc_peering_connection_id": "pcx-6e52e807"
                        },
                        "meta": {},
                        "tainted": false
                    },
                    "deposed": [],
                    "provider": ""
                },
                "aws_route.microservices_private": {
                    "type": "aws_route",
                    "depends_on": [
                        "aws_route_table.private"
                    ],
                    "primary": {
                        "id": "r-rtb-b90686de2125723008",
                        "attributes": {
                            "destination_cidr_block": "10.124.0.0/20",
                            "destination_prefix_list_id": "",
                            "egress_only_gateway_id": "",
                            "gateway_id": "",
                            "id": "r-rtb-b90686de2125723008",
                            "instance_id": "",
                            "instance_owner_id": "",
                            "nat_gateway_id": "",
                            "network_interface_id": "",
                            "origin": "CreateRoute",
                            "route_table_id": "rtb-b90686de",
                            "state": "active",
                            "vpc_peering_connection_id": "pcx-6e52e807"
                        },
                        "meta": {},
                        "tainted": false
                    },
                    "deposed": [],
                    "provider": ""
                },
                "aws_route.microservices_public": {
                    "type": "aws_route",
                    "depends_on": [
                        "aws_route_table.public"
                    ],
                    "primary": {
                        "id": "r-rtb-870d91e32125723008",
                        "attributes": {
                            "destination_cidr_block": "10.124.0.0/20",
                            "destination_prefix_list_id": "",
                            "egress_only_gateway_id": "",
                            "gateway_id": "",
                            "id": "r-rtb-870d91e32125723008",
                            "instance_id": "",
                            "instance_owner_id": "",
                            "nat_gateway_id": "",
                            "network_interface_id": "",
                            "origin": "CreateRoute",
                            "route_table_id": "rtb-870d91e3",
                            "state": "active",
                            "vpc_peering_connection_id": "pcx-6e52e807"
                        },
                        "meta": {},
                        "tainted": false
                    },
                    "deposed": [],
                    "provider": ""
                },
                "aws_route53_zone_association.route53": {
                    "type": "aws_route53_zone_association",
                    "depends_on": [
                        "aws_vpc.main"
                    ],
                    "primary": {
                        "id": "Z17UOFXP4LI2IE:vpc-ea19ac8e",
                        "attributes": {
                            "id": "Z17UOFXP4LI2IE:vpc-ea19ac8e",
                            "vpc_id": "vpc-ea19ac8e",
                            "vpc_region": "us-west-2",
                            "zone_id": "Z17UOFXP4LI2IE"
                        },
                        "meta": {},
                        "tainted": false
                    },
                    "deposed": [],
                    "provider": ""
                },
                "aws_route_table.natdc.0": {
                    "type": "aws_route_table",
                    "depends_on": [
                        "aws_nat_gateway.natgw",
                        "aws_vpc.main",
                        "aws_vpc_peering_connection.infra",
                        "aws_vpn_gateway.vgw"
                    ],
                    "primary": {
                        "id": "rtb-3d2dad5a",
                        "attributes": {
                            "id": "rtb-3d2dad5a",
                            "propagating_vgws.#": "1",
                            "propagating_vgws.3719598039": "vgw-9da27b83",
                            "route.#": "4",
                            "route.1158658684.cidr_block": "10.124.0.0/20",
                            "route.1158658684.egress_only_gateway_id": "",
                            "route.1158658684.gateway_id": "",
                            "route.1158658684.instance_id": "",
                            "route.1158658684.ipv6_cidr_block": "",
                            "route.1158658684.nat_gateway_id": "",
                            "route.1158658684.network_interface_id": "",
                            "route.1158658684.vpc_peering_connection_id": "pcx-6e52e807",
                            "route.1557557102.cidr_block": "10.127.48.7/32",
                            "route.1557557102.egress_only_gateway_id": "",
                            "route.1557557102.gateway_id": "",
                            "route.1557557102.instance_id": "",
                            "route.1557557102.ipv6_cidr_block": "",
                            "route.1557557102.nat_gateway_id": "",
                            "route.1557557102.network_interface_id": "",
                            "route.1557557102.vpc_peering_connection_id": "pcx-dac77db3",
                            "route.2295701304.cidr_block": "0.0.0.0/0",
                            "route.2295701304.egress_only_gateway_id": "",
                            "route.2295701304.gateway_id": "",
                            "route.2295701304.instance_id": "",
                            "route.2295701304.ipv6_cidr_block": "",
                            "route.2295701304.nat_gateway_id": "nat-08ad646914be1fcbf",
                            "route.2295701304.network_interface_id": "",
                            "route.2295701304.vpc_peering_connection_id": "",
                            "route.2461143163.cidr_block": "10.122.64.0/20",
                            "route.2461143163.egress_only_gateway_id": "",
                            "route.2461143163.gateway_id": "",
                            "route.2461143163.instance_id": "",
                            "route.2461143163.ipv6_cidr_block": "",
                            "route.2461143163.nat_gateway_id": "",
                            "route.2461143163.network_interface_id": "",
                            "route.2461143163.vpc_peering_connection_id": "pcx-52be3a3b",
                            "tags.%": "5",
                            "tags.Name": "test-natdc-routetable",
                            "tags.account_name": "jive-reco-pipeline",
                            "tags.pipeline_phase": "test",
                            "tags.region": "us-west-2",
                            "tags.sla": "non-prod",
                            "vpc_id": "vpc-ea19ac8e"
                        },
                        "meta": {},
                        "tainted": false
                    },
                    "deposed": [],
                    "provider": ""
                },
                "aws_route_table.natdc.1": {
                    "type": "aws_route_table",
                    "depends_on": [
                        "aws_nat_gateway.natgw.*",
                        "aws_vpc.main",
                        "aws_vpn_gateway.vgw"
                    ],
                    "primary": {
                        "id": "rtb-dc4f90ba",
                        "attributes": {
                            "id": "rtb-dc4f90ba",
                            "propagating_vgws.#": "1",
                            "propagating_vgws.3719598039": "vgw-9da27b83",
                            "route.#": "1",
                            "route.3764787316.cidr_block": "0.0.0.0/0",
                            "route.3764787316.egress_only_gateway_id": "",
                            "route.3764787316.gateway_id": "",
                            "route.3764787316.instance_id": "",
                            "route.3764787316.ipv6_cidr_block": "",
                            "route.3764787316.nat_gateway_id": "nat-026869c0ca932ea73",
                            "route.3764787316.network_interface_id": "",
                            "route.3764787316.vpc_peering_connection_id": "",
                            "tags.%": "5",
                            "tags.Name": "test-natdc-routetable",
                            "tags.account_name": "jive-reco-pipeline",
                            "tags.pipeline_phase": "test",
                            "tags.region": "us-west-2",
                            "tags.sla": "non-prod",
                            "vpc_id": "vpc-ea19ac8e"
                        },
                        "meta": {},
                        "tainted": false
                    },
                    "deposed": [],
                    "provider": ""
                },
                "aws_route_table.natdc.2": {
                    "type": "aws_route_table",
                    "depends_on": [
                        "aws_nat_gateway.natgw.*",
                        "aws_vpc.main",
                        "aws_vpn_gateway.vgw"
                    ],
                    "primary": {
                        "id": "rtb-ef548b89",
                        "attributes": {
                            "id": "rtb-ef548b89",
                            "propagating_vgws.#": "1",
                            "propagating_vgws.3719598039": "vgw-9da27b83",
                            "route.#": "1",
                            "route.3194964502.cidr_block": "0.0.0.0/0",
                            "route.3194964502.egress_only_gateway_id": "",
                            "route.3194964502.gateway_id": "",
                            "route.3194964502.instance_id": "",
                            "route.3194964502.ipv6_cidr_block": "",
                            "route.3194964502.nat_gateway_id": "nat-07dba2f14959cd9ad",
                            "route.3194964502.network_interface_id": "",
                            "route.3194964502.vpc_peering_connection_id": "",
                            "tags.%": "5",
                            "tags.Account_name": "jive-reco-pipeline",
                            "tags.Name": "test-natdc-routetable",
                            "tags.Pipeline_phase": "test",
                            "tags.Region": "us-west-2",
                            "tags.SLA": "non-prod",
                            "vpc_id": "vpc-ea19ac8e"
                        },
                        "meta": {},
                        "tainted": false
                    },
                    "deposed": [],
                    "provider": ""
                },
                "aws_route_table.private": {
                    "type": "aws_route_table",
                    "depends_on": [
                        "aws_vpc.main",
                        "aws_vpc_peering_connection.infra"
                    ],
                    "primary": {
                        "id": "rtb-b90686de",
                        "attributes": {
                            "id": "rtb-b90686de",
                            "propagating_vgws.#": "0",
                            "route.#": "3",
                            "route.1158658684.cidr_block": "10.124.0.0/20",
                            "route.1158658684.egress_only_gateway_id": "",
                            "route.1158658684.gateway_id": "",
                            "route.1158658684.instance_id": "",
                            "route.1158658684.ipv6_cidr_block": "",
                            "route.1158658684.nat_gateway_id": "",
                            "route.1158658684.network_interface_id": "",
                            "route.1158658684.vpc_peering_connection_id": "pcx-6e52e807",
                            "route.1557557102.cidr_block": "10.127.48.7/32",
                            "route.1557557102.egress_only_gateway_id": "",
                            "route.1557557102.gateway_id": "",
                            "route.1557557102.instance_id": "",
                            "route.1557557102.ipv6_cidr_block": "",
                            "route.1557557102.nat_gateway_id": "",
                            "route.1557557102.network_interface_id": "",
                            "route.1557557102.vpc_peering_connection_id": "pcx-dac77db3",
                            "route.2461143163.cidr_block": "10.122.64.0/20",
                            "route.2461143163.egress_only_gateway_id": "",
                            "route.2461143163.gateway_id": "",
                            "route.2461143163.instance_id": "",
                            "route.2461143163.ipv6_cidr_block": "",
                            "route.2461143163.nat_gateway_id": "",
                            "route.2461143163.network_interface_id": "",
                            "route.2461143163.vpc_peering_connection_id": "pcx-52be3a3b",
                            "tags.%": "5",
                            "tags.Account_name": "jive-reco-pipeline",
                            "tags.Name": "test-private-routetable",
                            "tags.Pipeline_phase": "test",
                            "tags.Region": "us-west-2",
                            "tags.SLA": "non-prod",
                            "vpc_id": "vpc-ea19ac8e"
                        },
                        "meta": {},
                        "tainted": false
                    },
                    "deposed": [],
                    "provider": ""
                },
                "aws_route_table.public": {
                    "type": "aws_route_table",
                    "depends_on": [
                        "aws_internet_gateway.igw",
                        "aws_vpc.main",
                        "aws_vpc_peering_connection.infra"
                    ],
                    "primary": {
                        "id": "rtb-870d91e3",
                        "attributes": {
                            "id": "rtb-870d91e3",
                            "propagating_vgws.#": "0",
                            "route.#": "4",
                            "route.1158658684.cidr_block": "10.124.0.0/20",
                            "route.1158658684.egress_only_gateway_id": "",
                            "route.1158658684.gateway_id": "",
                            "route.1158658684.instance_id": "",
                            "route.1158658684.ipv6_cidr_block": "",
                            "route.1158658684.nat_gateway_id": "",
                            "route.1158658684.network_interface_id": "",
                            "route.1158658684.vpc_peering_connection_id": "pcx-6e52e807",
                            "route.1430432317.cidr_block": "0.0.0.0/0",
                            "route.1430432317.egress_only_gateway_id": "",
                            "route.1430432317.gateway_id": "igw-11fa6c75",
                            "route.1430432317.instance_id": "",
                            "route.1430432317.ipv6_cidr_block": "",
                            "route.1430432317.nat_gateway_id": "",
                            "route.1430432317.network_interface_id": "",
                            "route.1430432317.vpc_peering_connection_id": "",
                            "route.1557557102.cidr_block": "10.127.48.7/32",
                            "route.1557557102.egress_only_gateway_id": "",
                            "route.1557557102.gateway_id": "",
                            "route.1557557102.instance_id": "",
                            "route.1557557102.ipv6_cidr_block": "",
                            "route.1557557102.nat_gateway_id": "",
                            "route.1557557102.network_interface_id": "",
                            "route.1557557102.vpc_peering_connection_id": "pcx-dac77db3",
                            "route.2461143163.cidr_block": "10.122.64.0/20",
                            "route.2461143163.egress_only_gateway_id": "",
                            "route.2461143163.gateway_id": "",
                            "route.2461143163.instance_id": "",
                            "route.2461143163.ipv6_cidr_block": "",
                            "route.2461143163.nat_gateway_id": "",
                            "route.2461143163.network_interface_id": "",
                            "route.2461143163.vpc_peering_connection_id": "pcx-52be3a3b",
                            "tags.%": "6",
                            "tags.Account_name": "jive-reco-pipeline",
                            "tags.KubernetesCluster": "us-west-2_jive-reco-pipeline",
                            "tags.Name": "test-public-routetable",
                            "tags.Pipeline_phase": "test",
                            "tags.Region": "us-west-2",
                            "tags.SLA": "non-prod",
                            "vpc_id": "vpc-ea19ac8e"
                        },
                        "meta": {},
                        "tainted": false
                    },
                    "deposed": [],
                    "provider": ""
                },
                "aws_route_table_association.natdc.0": {
                    "type": "aws_route_table_association",
                    "depends_on": [
                        "aws_route_table.natdc.*",
                        "aws_subnet.natdc.*"
                    ],
                    "primary": {
                        "id": "rtbassoc-0ac23d6c",
                        "attributes": {
                            "id": "rtbassoc-0ac23d6c",
                            "route_table_id": "rtb-3d2dad5a",
                            "subnet_id": "subnet-743af002"
                        },
                        "meta": {},
                        "tainted": false
                    },
                    "deposed": [],
                    "provider": ""
                },
                "aws_route_table_association.natdc.1": {
                    "type": "aws_route_table_association",
                    "depends_on": [
                        "aws_route_table.natdc.*",
                        "aws_subnet.natdc.*"
                    ],
                    "primary": {
                        "id": "rtbassoc-c69f55bf",
                        "attributes": {
                            "id": "rtbassoc-c69f55bf",
                            "route_table_id": "rtb-dc4f90ba",
                            "subnet_id": "subnet-c1849e98"
                        },
                        "meta": {},
                        "tainted": false
                    },
                    "deposed": [],
                    "provider": ""
                },
                "aws_route_table_association.natdc.2": {
                    "type": "aws_route_table_association",
                    "depends_on": [
                        "aws_route_table.natdc.*",
                        "aws_subnet.natdc.*"
                    ],
                    "primary": {
                        "id": "rtbassoc-79985200",
                        "attributes": {
                            "id": "rtbassoc-79985200",
                            "route_table_id": "rtb-ef548b89",
                            "subnet_id": "subnet-26f74742"
                        },
                        "meta": {},
                        "tainted": false
                    },
                    "deposed": [],
                    "provider": ""
                },
                "aws_route_table_association.private.0": {
                    "type": "aws_route_table_association",
                    "depends_on": [
                        "aws_route_table.private",
                        "aws_subnet.private"
                    ],
                    "primary": {
                        "id": "rtbassoc-c8f20dae",
                        "attributes": {
                            "id": "rtbassoc-c8f20dae",
                            "route_table_id": "rtb-b90686de",
                            "subnet_id": "subnet-5cdb3e3b"
                        },
                        "meta": {},
                        "tainted": false
                    },
                    "deposed": [],
                    "provider": ""
                },
                "aws_route_table_association.private.1": {
                    "type": "aws_route_table_association",
                    "depends_on": [
                        "aws_route_table.private",
                        "aws_subnet.private"
                    ],
                    "primary": {
                        "id": "rtbassoc-c9f20daf",
                        "attributes": {
                            "id": "rtbassoc-c9f20daf",
                            "route_table_id": "rtb-b90686de",
                            "subnet_id": "subnet-baf9c6cc"
                        },
                        "meta": {},
                        "tainted": false
                    },
                    "deposed": [],
                    "provider": ""
                },
                "aws_route_table_association.private.2": {
                    "type": "aws_route_table_association",
                    "depends_on": [
                        "aws_route_table.private",
                        "aws_subnet.private"
                    ],
                    "primary": {
                        "id": "rtbassoc-cbf20dad",
                        "attributes": {
                            "id": "rtbassoc-cbf20dad",
                            "route_table_id": "rtb-b90686de",
                            "subnet_id": "subnet-826902da"
                        },
                        "meta": {},
                        "tainted": false
                    },
                    "deposed": [],
                    "provider": ""
                },
                "aws_route_table_association.public.0": {
                    "type": "aws_route_table_association",
                    "depends_on": [
                        "aws_route_table.public",
                        "aws_subnet.public"
                    ],
                    "primary": {
                        "id": "rtbassoc-a8da25ce",
                        "attributes": {
                            "id": "rtbassoc-a8da25ce",
                            "route_table_id": "rtb-870d91e3",
                            "subnet_id": "subnet-65db3e02"
                        },
                        "meta": {},
                        "tainted": false
                    },
                    "deposed": [],
                    "provider": ""
                },
                "aws_route_table_association.public.1": {
                    "type": "aws_route_table_association",
                    "depends_on": [
                        "aws_route_table.public",
                        "aws_subnet.public"
                    ],
                    "primary": {
                        "id": "rtbassoc-a9da25cf",
                        "attributes": {
                            "id": "rtbassoc-a9da25cf",
                            "route_table_id": "rtb-870d91e3",
                            "subnet_id": "subnet-71f8c707"
                        },
                        "meta": {},
                        "tainted": false
                    },
                    "deposed": [],
                    "provider": ""
                },
                "aws_route_table_association.public.2": {
                    "type": "aws_route_table_association",
                    "depends_on": [
                        "aws_route_table.public",
                        "aws_subnet.public"
                    ],
                    "primary": {
                        "id": "rtbassoc-b7da25d1",
                        "attributes": {
                            "id": "rtbassoc-b7da25d1",
                            "route_table_id": "rtb-870d91e3",
                            "subnet_id": "subnet-b86d06e0"
                        },
                        "meta": {},
                        "tainted": false
                    },
                    "deposed": [],
                    "provider": ""
                },
                "aws_security_group.admin_instance": {
                    "type": "aws_security_group",
                    "depends_on": [
                        "aws_vpc.main"
                    ],
                    "primary": {
                        "id": "sg-eba4b18c",
                        "attributes": {
                            "description": "Admin instances for the VPC",
                            "id": "sg-eba4b18c",
                            "name": "test-admin-instance",
                            "owner_id": "642745549043",
                            "tags.%": "5",
                            "tags.Account_name": "jive-reco-pipeline",
                            "tags.Name": "test-admin-instance",
                            "tags.Pipeline_phase": "test",
                            "tags.Region": "us-west-2",
                            "tags.SLA": "non-prod",
                            "vpc_id": "vpc-ea19ac8e"
                        },
                        "meta": {},
                        "tainted": false
                    },
                    "deposed": [],
                    "provider": ""
                },
                "aws_security_group.env_instance": {
                    "type": "aws_security_group",
                    "depends_on": [
                        "aws_security_group.admin_instance",
                        "aws_vpc.main"
                    ],
                    "primary": {
                        "id": "sg-f5a4b192",
                        "attributes": {
                            "description": "All instances within the evironment",
                            "egress.#": "1",
                            "egress.482069346.cidr_blocks.#": "1",
                            "egress.482069346.cidr_blocks.0": "0.0.0.0/0",
                            "egress.482069346.from_port": "0",
                            "egress.482069346.ipv6_cidr_blocks.#": "0",
                            "egress.482069346.prefix_list_ids.#": "0",
                            "egress.482069346.protocol": "-1",
                            "egress.482069346.self": "false",
                            "egress.482069346.to_port": "0",
                            "id": "sg-f5a4b192",
                            "ingress.#": "4",
                            "ingress.175914589.from_port": "22",
                            "ingress.175914589.ipv6_cidr_blocks.#": "0",
                            "ingress.175914589.protocol": "tcp",
                            "ingress.175914589.security_groups.#": "1",
                            "ingress.175914589.security_groups.676065919": "sg-eba4b18c",
                            "ingress.175914589.self": "false",
                            "ingress.175914589.to_port": "22",
                            "ingress.179083333.cidr_blocks.#": "1",
                            "ingress.179083333.cidr_blocks.0": "10.0.0.0/8",
                            "ingress.179083333.from_port": "22",
                            "ingress.179083333.ipv6_cidr_blocks.#": "0",
                            "ingress.179083333.protocol": "tcp",
                            "ingress.179083333.self": "false",
                            "ingress.179083333.to_port": "22",
                            "ingress.3070812670.from_port": "8",
                            "ingress.3070812670.ipv6_cidr_blocks.#": "0",
                            "ingress.3070812670.protocol": "icmp",
                            "ingress.3070812670.security_groups.#": "1",
                            "ingress.3070812670.security_groups.676065919": "sg-eba4b18c",
                            "ingress.3070812670.self": "false",
                            "ingress.3070812670.to_port": "0",
                            "ingress.3280021429.cidr_blocks.#": "1",
                            "ingress.3280021429.cidr_blocks.0": "10.0.0.0/8",
                            "ingress.3280021429.from_port": "8",
                            "ingress.3280021429.ipv6_cidr_blocks.#": "0",
                            "ingress.3280021429.protocol": "icmp",
                            "ingress.3280021429.self": "false",
                            "ingress.3280021429.to_port": "0",
                            "name": "test-instance",
                            "owner_id": "642745549043",
                            "tags.%": "5",
                            "tags.Account_name": "jive-reco-pipeline",
                            "tags.Name": "test-instance",
                            "tags.Pipeline_phase": "test",
                            "tags.Region": "us-west-2",
                            "tags.SLA": "non-prod",
                            "vpc_id": "vpc-ea19ac8e"
                        },
                        "meta": {},
                        "tainted": false
                    },
                    "deposed": [],
                    "provider": ""
                },
                "aws_security_group.natgw_instance": {
                    "type": "aws_security_group",
                    "depends_on": [
                        "aws_security_group.env_instance",
                        "aws_vpc.main"
                    ],
                    "primary": {
                        "id": "sg-b1d39cc8",
                        "attributes": {
                            "description": "Members of this SG are allowed to send any type of traffic to the NAT Box.",
                            "egress.#": "1",
                            "egress.482069346.cidr_blocks.#": "1",
                            "egress.482069346.cidr_blocks.0": "0.0.0.0/0",
                            "egress.482069346.from_port": "0",
                            "egress.482069346.ipv6_cidr_blocks.#": "0",
                            "egress.482069346.prefix_list_ids.#": "0",
                            "egress.482069346.protocol": "-1",
                            "egress.482069346.self": "false",
                            "egress.482069346.to_port": "0",
                            "id": "sg-b1d39cc8",
                            "ingress.#": "1",
                            "ingress.2368423075.from_port": "0",
                            "ingress.2368423075.ipv6_cidr_blocks.#": "0",
                            "ingress.2368423075.protocol": "-1",
                            "ingress.2368423075.security_groups.#": "1",
                            "ingress.2368423075.security_groups.1170305670": "sg-f5a4b192",
                            "ingress.2368423075.self": "false",
                            "ingress.2368423075.to_port": "0",
                            "name": "test-natgw-instance",
                            "owner_id": "642745549043",
                            "tags.%": "5",
                            "tags.Account_name": "jive-reco-pipeline",
                            "tags.Name": "test-natgw-instance",
                            "tags.Pipeline_phase": "test",
                            "tags.Region": "us-west-2",
                            "tags.SLA": "non-prod",
                            "vpc_id": "vpc-ea19ac8e"
                        },
                        "meta": {},
                        "tainted": false
                    },
                    "deposed": [],
                    "provider": ""
                },
                "aws_subnet.natdc.0": {
                    "type": "aws_subnet",
                    "depends_on": [
                        "aws_vpc.main"
                    ],
                    "primary": {
                        "id": "subnet-26f74742",
                        "attributes": {
                            "assign_ipv6_address_on_creation": "false",
                            "availability_zone": "us-west-2a",
                            "cidr_block": "10.126.4.0/24",
                            "id": "subnet-26f74742",
                            "map_public_ip_on_launch": "false",
                            "tags.%": "5",
                            "tags.Account_name": "jive-reco-pipeline",
                            "tags.Name": "test-natdc-subnet",
                            "tags.Pipeline_phase": "test",
                            "tags.Region": "us-west-2",
                            "tags.SLA": "non-prod",
                            "vpc_id": "vpc-ea19ac8e"
                        },
                        "meta": {},
                        "tainted": false
                    },
                    "deposed": [],
                    "provider": ""
                },
                "aws_subnet.natdc.1": {
                    "type": "aws_subnet",
                    "depends_on": [
                        "aws_vpc.main"
                    ],
                    "primary": {
                        "id": "subnet-743af002",
                        "attributes": {
                            "assign_ipv6_address_on_creation": "false",
                            "availability_zone": "us-west-2b",
                            "cidr_block": "10.126.5.0/24",
                            "id": "subnet-743af002",
                            "map_public_ip_on_launch": "false",
                            "tags.%": "5",
                            "tags.Account_name": "jive-reco-pipeline",
                            "tags.Name": "test-natdc-subnet",
                            "tags.Pipeline_phase": "test",
                            "tags.Region": "us-west-2",
                            "tags.SLA": "non-prod",
                            "vpc_id": "vpc-ea19ac8e"
                        },
                        "meta": {},
                        "tainted": false
                    },
                    "deposed": [],
                    "provider": ""
                },
                "aws_subnet.natdc.2": {
                    "type": "aws_subnet",
                    "depends_on": [
                        "aws_vpc.main"
                    ],
                    "primary": {
                        "id": "subnet-c1849e98",
                        "attributes": {
                            "assign_ipv6_address_on_creation": "false",
                            "availability_zone": "us-west-2c",
                            "cidr_block": "10.126.6.0/24",
                            "id": "subnet-c1849e98",
                            "map_public_ip_on_launch": "false",
                            "tags.%": "5",
                            "tags.Account_name": "jive-reco-pipeline",
                            "tags.Name": "test-natdc-subnet",
                            "tags.Pipeline_phase": "test",
                            "tags.Region": "us-west-2",
                            "tags.SLA": "non-prod",
                            "vpc_id": "vpc-ea19ac8e"
                        },
                        "meta": {},
                        "tainted": false
                    },
                    "deposed": [],
                    "provider": ""
                },
                "aws_subnet.private.0": {
                    "type": "aws_subnet",
                    "depends_on": [
                        "aws_vpc.main"
                    ],
                    "primary": {
                        "id": "subnet-5cdb3e3b",
                        "attributes": {
                            "assign_ipv6_address_on_creation": "false",
                            "availability_zone": "us-west-2a",
                            "cidr_block": "10.126.7.96/27",
                            "id": "subnet-5cdb3e3b",
                            "map_public_ip_on_launch": "false",
                            "tags.%": "5",
                            "tags.Account_name": "jive-reco-pipeline",
                            "tags.Name": "test-private-subnet",
                            "tags.Pipeline_phase": "test",
                            "tags.Region": "us-west-2",
                            "tags.SLA": "non-prod",
                            "vpc_id": "vpc-ea19ac8e"
                        },
                        "meta": {},
                        "tainted": false
                    },
                    "deposed": [],
                    "provider": ""
                },
                "aws_subnet.private.1": {
                    "type": "aws_subnet",
                    "depends_on": [
                        "aws_vpc.main"
                    ],
                    "primary": {
                        "id": "subnet-baf9c6cc",
                        "attributes": {
                            "assign_ipv6_address_on_creation": "false",
                            "availability_zone": "us-west-2b",
                            "cidr_block": "10.126.7.128/27",
                            "id": "subnet-baf9c6cc",
                            "map_public_ip_on_launch": "false",
                            "tags.%": "5",
                            "tags.Account_name": "jive-reco-pipeline",
                            "tags.Name": "test-private-subnet",
                            "tags.Pipeline_phase": "test",
                            "tags.Region": "us-west-2",
                            "tags.SLA": "non-prod",
                            "vpc_id": "vpc-ea19ac8e"
                        },
                        "meta": {},
                        "tainted": false
                    },
                    "deposed": [],
                    "provider": ""
                },
                "aws_subnet.private.2": {
                    "type": "aws_subnet",
                    "depends_on": [
                        "aws_vpc.main"
                    ],
                    "primary": {
                        "id": "subnet-826902da",
                        "attributes": {
                            "assign_ipv6_address_on_creation": "false",
                            "availability_zone": "us-west-2c",
                            "cidr_block": "10.126.7.160/27",
                            "id": "subnet-826902da",
                            "map_public_ip_on_launch": "false",
                            "tags.%": "5",
                            "tags.Account_name": "jive-reco-pipeline",
                            "tags.Name": "test-private-subnet",
                            "tags.Pipeline_phase": "test",
                            "tags.Region": "us-west-2",
                            "tags.SLA": "non-prod",
                            "vpc_id": "vpc-ea19ac8e"
                        },
                        "meta": {},
                        "tainted": false
                    },
                    "deposed": [],
                    "provider": ""
                },
                "aws_subnet.public.0": {
                    "type": "aws_subnet",
                    "depends_on": [
                        "aws_vpc.main"
                    ],
                    "primary": {
                        "id": "subnet-65db3e02",
                        "attributes": {
                            "assign_ipv6_address_on_creation": "false",
                            "availability_zone": "us-west-2a",
                            "cidr_block": "10.126.7.0/27",
                            "id": "subnet-65db3e02",
                            "map_public_ip_on_launch": "false",
                            "tags.%": "6",
                            "tags.Account_name": "jive-reco-pipeline",
                            "tags.KubernetesCluster": "us-west-2_jive-reco-pipeline",
                            "tags.Name": "test-public-subnet",
                            "tags.Pipeline_phase": "test",
                            "tags.Region": "us-west-2",
                            "tags.SLA": "non-prod",
                            "vpc_id": "vpc-ea19ac8e"
                        },
                        "meta": {},
                        "tainted": false
                    },
                    "deposed": [],
                    "provider": ""
                },
                "aws_subnet.public.1": {
                    "type": "aws_subnet",
                    "depends_on": [
                        "aws_vpc.main"
                    ],
                    "primary": {
                        "id": "subnet-71f8c707",
                        "attributes": {
                            "assign_ipv6_address_on_creation": "false",
                            "availability_zone": "us-west-2b",
                            "cidr_block": "10.126.7.32/27",
                            "id": "subnet-71f8c707",
                            "map_public_ip_on_launch": "false",
                            "tags.%": "6",
                            "tags.Account_name": "jive-reco-pipeline",
                            "tags.KubernetesCluster": "us-west-2_jive-reco-pipeline",
                            "tags.Name": "test-public-subnet",
                            "tags.Pipeline_phase": "test",
                            "tags.Region": "us-west-2",
                            "tags.SLA": "non-prod",
                            "vpc_id": "vpc-ea19ac8e"
                        },
                        "meta": {},
                        "tainted": false
                    },
                    "deposed": [],
                    "provider": ""
                },
                "aws_subnet.public.2": {
                    "type": "aws_subnet",
                    "depends_on": [
                        "aws_vpc.main"
                    ],
                    "primary": {
                        "id": "subnet-b86d06e0",
                        "attributes": {
                            "assign_ipv6_address_on_creation": "false",
                            "availability_zone": "us-west-2c",
                            "cidr_block": "10.126.7.64/27",
                            "id": "subnet-b86d06e0",
                            "map_public_ip_on_launch": "false",
                            "tags.%": "6",
                            "tags.Account_name": "jive-reco-pipeline",
                            "tags.KubernetesCluster": "us-west-2_jive-reco-pipeline",
                            "tags.Name": "test-public-subnet",
                            "tags.Pipeline_phase": "test",
                            "tags.Region": "us-west-2",
                            "tags.SLA": "non-prod",
                            "vpc_id": "vpc-ea19ac8e"
                        },
                        "meta": {},
                        "tainted": false
                    },
                    "deposed": [],
                    "provider": ""
                },
                "aws_vpc.main": {
                    "type": "aws_vpc",
                    "depends_on": [],
                    "primary": {
                        "id": "vpc-ea19ac8e",
                        "attributes": {
                            "assign_generated_ipv6_cidr_block": "false",
                            "cidr_block": "10.126.4.0/22",
                            "default_network_acl_id": "acl-aa1197ce",
                            "default_security_group_id": "sg-e3a4b184",
                            "dhcp_options_id": "dopt-e7e2bf82",
                            "enable_classiclink": "false",
                            "enable_dns_hostnames": "true",
                            "enable_dns_support": "true",
                            "id": "vpc-ea19ac8e",
                            "instance_tenancy": "default",
                            "main_route_table_id": "rtb-bc0d91d8",
                            "tags.%": "5",
                            "tags.Account_name": "jive-reco-pipeline",
                            "tags.Name": "test-vpc",
                            "tags.Pipeline_phase": "test",
                            "tags.Region": "us-west-2",
                            "tags.SLA": "non-prod"
                        },
                        "meta": {
                            "schema_version": "1"
                        },
                        "tainted": false
                    },
                    "deposed": [],
                    "provider": ""
                },
                "aws_vpc_peering_connection.infra": {
                    "type": "aws_vpc_peering_connection",
                    "depends_on": [
                        "aws_vpc.main"
                    ],
                    "primary": {
                        "id": "pcx-dac77db3",
                        "attributes": {
                            "accept_status": "active",
                            "auto_accept": "true",
                            "id": "pcx-dac77db3",
                            "peer_owner_id": "642745549043",
                            "peer_vpc_id": "vpc-c9bd12ad",
                            "tags.%": "5",
                            "tags.Account_name": "jive-reco-pipeline",
                            "tags.Name": "test_to_infra-jive-reco-pipeline",
                            "tags.Pipeline_phase": "test",
                            "tags.Region": "us-west-2",
                            "tags.SLA": "non-prod",
                            "vpc_id": "vpc-ea19ac8e"
                        },
                        "meta": {},
                        "tainted": false
                    },
                    "deposed": [],
                    "provider": ""
                },
                "aws_vpn_gateway.vgw": {
                    "type": "aws_vpn_gateway",
                    "depends_on": [
                        "aws_vpc.main"
                    ],
                    "primary": {
                        "id": "vgw-9da27b83",
                        "attributes": {
                            "availability_zone": "",
                            "id": "vgw-9da27b83",
                            "tags.%": "7",
                            "tags.Name": "test-vgw",
                            "tags.account_name": "jive-reco-pipeline",
                            "tags.jive_service": "infrastructure",
                            "tags.pipeline_phase": "test",
                            "tags.region": "us-west-2",
                            "tags.service_component": "vpn_gateway",
                            "tags.sla": "non-prod",
                            "vpc_id": "vpc-ea19ac8e"
                        },
                        "meta": {},
                        "tainted": false
                    },
                    "deposed": [],
                    "provider": ""
                }
            },
            "depends_on": []
        }
    ]
}
