{
    "version": 3,
    "terraform_version": "0.9.4",
    "serial": 0,
    "lineage": "d76fc39f-90a4-45a0-9c46-d9231716fcc5",
    "modules": [
        {
            "path": [
                "root"
            ],
            "outputs": {},
            "resources": {
                "aws_ebs_volume.upena_wal_i1_v0": {
                    "type": "aws_ebs_volume",
                    "depends_on": [],
                    "primary": {
                        "id": "vol-0fe5727e4ea9e18d9",
                        "attributes": {
                            "availability_zone": "us-east-1a",
                            "encrypted": "true",
                            "id": "vol-0fe5727e4ea9e18d9",
                            "size": "500",
                            "snapshot_id": "",
                            "tags.%": "7",
                            "tags.Account_name": "jive-reco-prod",
                            "tags.Jive_service": "upena",
                            "tags.Name": "us-east-1-jive-reco-prod-newpena-wal-i1-v0",
                            "tags.Pipeline_phase": "prod",
                            "tags.Region": "us-east-1",
                            "tags.SLA": "prod",
                            "tags.Service_component": "upena-wal",
                            "type": "st1"
                        },
                        "meta": {},
                        "tainted": false
                    },
                    "deposed": [],
                    "provider": ""
                },
                "aws_ebs_volume.upena_wal_i1_v1": {
                    "type": "aws_ebs_volume",
                    "depends_on": [],
                    "primary": {
                        "id": "vol-0e125a3e7c720a69c",
                        "attributes": {
                            "availability_zone": "us-east-1a",
                            "encrypted": "true",
                            "id": "vol-0e125a3e7c720a69c",
                            "size": "2000",
                            "snapshot_id": "",
                            "tags.%": "7",
                            "tags.Account_name": "jive-reco-prod",
                            "tags.Jive_service": "upena",
                            "tags.Name": "us-east-1-jive-reco-prod-newpena-wal-i1-v1",
                            "tags.Pipeline_phase": "prod",
                            "tags.Region": "us-east-1",
                            "tags.SLA": "prod",
                            "tags.Service_component": "upena-wal",
                            "type": "st1"
                        },
                        "meta": {},
                        "tainted": false
                    },
                    "deposed": [],
                    "provider": ""
                },
                "aws_ebs_volume.upena_wal_i1_v2": {
                    "type": "aws_ebs_volume",
                    "depends_on": [],
                    "primary": {
                        "id": "vol-08da370abfadee78d",
                        "attributes": {
                            "availability_zone": "us-east-1a",
                            "encrypted": "true",
                            "id": "vol-08da370abfadee78d",
                            "size": "2000",
                            "snapshot_id": "",
                            "tags.%": "7",
                            "tags.Account_name": "jive-reco-prod",
                            "tags.Jive_service": "upena",
                            "tags.Name": "us-east-1-jive-reco-prod-newpena-wal-i1-v2",
                            "tags.Pipeline_phase": "prod",
                            "tags.Region": "us-east-1",
                            "tags.SLA": "prod",
                            "tags.Service_component": "upena-wal",
                            "type": "st1"
                        },
                        "meta": {},
                        "tainted": false
                    },
                    "deposed": [],
                    "provider": ""
                },
                "aws_ebs_volume.upena_wal_i1_v3": {
                    "type": "aws_ebs_volume",
                    "depends_on": [],
                    "primary": {
                        "id": "vol-0f2a516368c1080e5",
                        "attributes": {
                            "availability_zone": "us-east-1a",
                            "encrypted": "true",
                            "id": "vol-0f2a516368c1080e5",
                            "size": "2000",
                            "snapshot_id": "",
                            "tags.%": "7",
                            "tags.Account_name": "jive-reco-prod",
                            "tags.Jive_service": "upena",
                            "tags.Name": "us-east-1-jive-reco-prod-newpena-wal-i1-v3",
                            "tags.Pipeline_phase": "prod",
                            "tags.Region": "us-east-1",
                            "tags.SLA": "prod",
                            "tags.Service_component": "upena-wal",
                            "type": "st1"
                        },
                        "meta": {},
                        "tainted": false
                    },
                    "deposed": [],
                    "provider": ""
                },
                "aws_ebs_volume.upena_wal_i2_v0": {
                    "type": "aws_ebs_volume",
                    "depends_on": [],
                    "primary": {
                        "id": "vol-084d02485f4c522a0",
                        "attributes": {
                            "availability_zone": "us-east-1b",
                            "encrypted": "true",
                            "id": "vol-084d02485f4c522a0",
                            "size": "500",
                            "snapshot_id": "",
                            "tags.%": "7",
                            "tags.Account_name": "jive-reco-prod",
                            "tags.Jive_service": "upena",
                            "tags.Name": "us-east-1-jive-reco-prod-newpena-wal-i2-v0",
                            "tags.Pipeline_phase": "prod",
                            "tags.Region": "us-east-1",
                            "tags.SLA": "prod",
                            "tags.Service_component": "upena-wal",
                            "type": "st1"
                        },
                        "meta": {},
                        "tainted": false
                    },
                    "deposed": [],
                    "provider": ""
                },
                "aws_ebs_volume.upena_wal_i2_v1": {
                    "type": "aws_ebs_volume",
                    "depends_on": [],
                    "primary": {
                        "id": "vol-02b8d2d07aea79216",
                        "attributes": {
                            "availability_zone": "us-east-1b",
                            "encrypted": "true",
                            "id": "vol-02b8d2d07aea79216",
                            "size": "2000",
                            "snapshot_id": "",
                            "tags.%": "7",
                            "tags.Account_name": "jive-reco-prod",
                            "tags.Jive_service": "upena",
                            "tags.Name": "us-east-1-jive-reco-prod-newpena-wal-i2-v1",
                            "tags.Pipeline_phase": "prod",
                            "tags.Region": "us-east-1",
                            "tags.SLA": "prod",
                            "tags.Service_component": "upena-wal",
                            "type": "st1"
                        },
                        "meta": {},
                        "tainted": false
                    },
                    "deposed": [],
                    "provider": ""
                },
                "aws_ebs_volume.upena_wal_i2_v2": {
                    "type": "aws_ebs_volume",
                    "depends_on": [],
                    "primary": {
                        "id": "vol-0fe20d49f19081b8c",
                        "attributes": {
                            "availability_zone": "us-east-1b",
                            "encrypted": "true",
                            "id": "vol-0fe20d49f19081b8c",
                            "size": "2000",
                            "snapshot_id": "",
                            "tags.%": "7",
                            "tags.Account_name": "jive-reco-prod",
                            "tags.Jive_service": "upena",
                            "tags.Name": "us-east-1-jive-reco-prod-newpena-wal-i2-v2",
                            "tags.Pipeline_phase": "prod",
                            "tags.Region": "us-east-1",
                            "tags.SLA": "prod",
                            "tags.Service_component": "upena-wal",
                            "type": "st1"
                        },
                        "meta": {},
                        "tainted": false
                    },
                    "deposed": [],
                    "provider": ""
                },
                "aws_ebs_volume.upena_wal_i2_v3": {
                    "type": "aws_ebs_volume",
                    "depends_on": [],
                    "primary": {
                        "id": "vol-09efb135627844b06",
                        "attributes": {
                            "availability_zone": "us-east-1b",
                            "encrypted": "true",
                            "id": "vol-09efb135627844b06",
                            "size": "2000",
                            "snapshot_id": "",
                            "tags.%": "7",
                            "tags.Account_name": "jive-reco-prod",
                            "tags.Jive_service": "upena",
                            "tags.Name": "us-east-1-jive-reco-prod-newpena-wal-i2-v3",
                            "tags.Pipeline_phase": "prod",
                            "tags.Region": "us-east-1",
                            "tags.SLA": "prod",
                            "tags.Service_component": "upena-wal",
                            "type": "st1"
                        },
                        "meta": {},
                        "tainted": false
                    },
                    "deposed": [],
                    "provider": ""
                },
                "aws_ebs_volume.upena_wal_i3_v0": {
                    "type": "aws_ebs_volume",
                    "depends_on": [],
                    "primary": {
                        "id": "vol-00e0a316c4e6702de",
                        "attributes": {
                            "availability_zone": "us-east-1c",
                            "encrypted": "true",
                            "id": "vol-00e0a316c4e6702de",
                            "size": "500",
                            "snapshot_id": "",
                            "tags.%": "7",
                            "tags.Account_name": "jive-reco-prod",
                            "tags.Jive_service": "upena",
                            "tags.Name": "us-east-1-jive-reco-prod-newpena-wal-i3-v0",
                            "tags.Pipeline_phase": "prod",
                            "tags.Region": "us-east-1",
                            "tags.SLA": "prod",
                            "tags.Service_component": "upena-wal",
                            "type": "st1"
                        },
                        "meta": {},
                        "tainted": false
                    },
                    "deposed": [],
                    "provider": ""
                },
                "aws_ebs_volume.upena_wal_i3_v1": {
                    "type": "aws_ebs_volume",
                    "depends_on": [],
                    "primary": {
                        "id": "vol-051a0516cd8b7f806",
                        "attributes": {
                            "availability_zone": "us-east-1c",
                            "encrypted": "true",
                            "id": "vol-051a0516cd8b7f806",
                            "size": "2000",
                            "snapshot_id": "",
                            "tags.%": "7",
                            "tags.Account_name": "jive-reco-prod",
                            "tags.Jive_service": "upena",
                            "tags.Name": "us-east-1-jive-reco-prod-newpena-wal-i3-v1",
                            "tags.Pipeline_phase": "prod",
                            "tags.Region": "us-east-1",
                            "tags.SLA": "prod",
                            "tags.Service_component": "upena-wal",
                            "type": "st1"
                        },
                        "meta": {},
                        "tainted": false
                    },
                    "deposed": [],
                    "provider": ""
                },
                "aws_ebs_volume.upena_wal_i3_v2": {
                    "type": "aws_ebs_volume",
                    "depends_on": [],
                    "primary": {
                        "id": "vol-03d94a84485ad2486",
                        "attributes": {
                            "availability_zone": "us-east-1c",
                            "encrypted": "true",
                            "id": "vol-03d94a84485ad2486",
                            "size": "2000",
                            "snapshot_id": "",
                            "tags.%": "7",
                            "tags.Account_name": "jive-reco-prod",
                            "tags.Jive_service": "upena",
                            "tags.Name": "us-east-1-jive-reco-prod-newpena-wal-i3-v2",
                            "tags.Pipeline_phase": "prod",
                            "tags.Region": "us-east-1",
                            "tags.SLA": "prod",
                            "tags.Service_component": "upena-wal",
                            "type": "st1"
                        },
                        "meta": {},
                        "tainted": false
                    },
                    "deposed": [],
                    "provider": ""
                },
                "aws_ebs_volume.upena_wal_i3_v3": {
                    "type": "aws_ebs_volume",
                    "depends_on": [],
                    "primary": {
                        "id": "vol-0b72bec93db356b50",
                        "attributes": {
                            "availability_zone": "us-east-1c",
                            "encrypted": "true",
                            "id": "vol-0b72bec93db356b50",
                            "size": "2000",
                            "snapshot_id": "",
                            "tags.%": "7",
                            "tags.Account_name": "jive-reco-prod",
                            "tags.Jive_service": "upena",
                            "tags.Name": "us-east-1-jive-reco-prod-newpena-wal-i3-v3",
                            "tags.Pipeline_phase": "prod",
                            "tags.Region": "us-east-1",
                            "tags.SLA": "prod",
                            "tags.Service_component": "upena-wal",
                            "type": "st1"
                        },
                        "meta": {},
                        "tainted": false
                    },
                    "deposed": [],
                    "provider": ""
                },
                "aws_ebs_volume.upena_wal_i4_v0": {
                    "type": "aws_ebs_volume",
                    "depends_on": [],
                    "primary": {
                        "id": "vol-0b3c1ffd99bd7f011",
                        "attributes": {
                            "availability_zone": "us-east-1a",
                            "encrypted": "true",
                            "id": "vol-0b3c1ffd99bd7f011",
                            "size": "500",
                            "snapshot_id": "",
                            "tags.%": "7",
                            "tags.Account_name": "jive-reco-prod",
                            "tags.Jive_service": "upena",
                            "tags.Name": "us-east-1-jive-reco-prod-newpena-wal-i4-v0",
                            "tags.Pipeline_phase": "prod",
                            "tags.Region": "us-east-1",
                            "tags.SLA": "prod",
                            "tags.Service_component": "upena-wal",
                            "type": "st1"
                        },
                        "meta": {},
                        "tainted": false
                    },
                    "deposed": [],
                    "provider": ""
                },
                "aws_ebs_volume.upena_wal_i4_v1": {
                    "type": "aws_ebs_volume",
                    "depends_on": [],
                    "primary": {
                        "id": "vol-059fd20d932fbce93",
                        "attributes": {
                            "availability_zone": "us-east-1a",
                            "encrypted": "true",
                            "id": "vol-059fd20d932fbce93",
                            "size": "2000",
                            "snapshot_id": "",
                            "tags.%": "7",
                            "tags.Account_name": "jive-reco-prod",
                            "tags.Jive_service": "upena",
                            "tags.Name": "us-east-1-jive-reco-prod-newpena-wal-i4-v1",
                            "tags.Pipeline_phase": "prod",
                            "tags.Region": "us-east-1",
                            "tags.SLA": "prod",
                            "tags.Service_component": "upena-wal",
                            "type": "st1"
                        },
                        "meta": {},
                        "tainted": false
                    },
                    "deposed": [],
                    "provider": ""
                },
                "aws_ebs_volume.upena_wal_i4_v2": {
                    "type": "aws_ebs_volume",
                    "depends_on": [],
                    "primary": {
                        "id": "vol-05ce50558f70fdf22",
                        "attributes": {
                            "availability_zone": "us-east-1a",
                            "encrypted": "true",
                            "id": "vol-05ce50558f70fdf22",
                            "size": "2000",
                            "snapshot_id": "",
                            "tags.%": "7",
                            "tags.Account_name": "jive-reco-prod",
                            "tags.Jive_service": "upena",
                            "tags.Name": "us-east-1-jive-reco-prod-newpena-wal-i4-v2",
                            "tags.Pipeline_phase": "prod",
                            "tags.Region": "us-east-1",
                            "tags.SLA": "prod",
                            "tags.Service_component": "upena-wal",
                            "type": "st1"
                        },
                        "meta": {},
                        "tainted": false
                    },
                    "deposed": [],
                    "provider": ""
                },
                "aws_ebs_volume.upena_wal_i4_v3": {
                    "type": "aws_ebs_volume",
                    "depends_on": [],
                    "primary": {
                        "id": "vol-0db0e5f473a04ae6c",
                        "attributes": {
                            "availability_zone": "us-east-1a",
                            "encrypted": "true",
                            "id": "vol-0db0e5f473a04ae6c",
                            "size": "2000",
                            "snapshot_id": "",
                            "tags.%": "7",
                            "tags.Account_name": "jive-reco-prod",
                            "tags.Jive_service": "upena",
                            "tags.Name": "us-east-1-jive-reco-prod-newpena-wal-i4-v3",
                            "tags.Pipeline_phase": "prod",
                            "tags.Region": "us-east-1",
                            "tags.SLA": "prod",
                            "tags.Service_component": "upena-wal",
                            "type": "st1"
                        },
                        "meta": {},
                        "tainted": false
                    },
                    "deposed": [],
                    "provider": ""
                },
                "aws_ebs_volume.upena_wal_i5_v0": {
                    "type": "aws_ebs_volume",
                    "depends_on": [],
                    "primary": {
                        "id": "vol-03959df9ad2757bc9",
                        "attributes": {
                            "availability_zone": "us-east-1b",
                            "encrypted": "true",
                            "id": "vol-03959df9ad2757bc9",
                            "size": "500",
                            "snapshot_id": "",
                            "tags.%": "7",
                            "tags.Account_name": "jive-reco-prod",
                            "tags.Jive_service": "upena",
                            "tags.Name": "us-east-1-jive-reco-prod-newpena-wal-i5-v0",
                            "tags.Pipeline_phase": "prod",
                            "tags.Region": "us-east-1",
                            "tags.SLA": "prod",
                            "tags.Service_component": "upena-wal",
                            "type": "st1"
                        },
                        "meta": {},
                        "tainted": false
                    },
                    "deposed": [],
                    "provider": ""
                },
                "aws_ebs_volume.upena_wal_i5_v1": {
                    "type": "aws_ebs_volume",
                    "depends_on": [],
                    "primary": {
                        "id": "vol-059069748111109cf",
                        "attributes": {
                            "availability_zone": "us-east-1b",
                            "encrypted": "true",
                            "id": "vol-059069748111109cf",
                            "size": "2000",
                            "snapshot_id": "",
                            "tags.%": "7",
                            "tags.Account_name": "jive-reco-prod",
                            "tags.Jive_service": "upena",
                            "tags.Name": "us-east-1-jive-reco-prod-newpena-wal-i5-v1",
                            "tags.Pipeline_phase": "prod",
                            "tags.Region": "us-east-1",
                            "tags.SLA": "prod",
                            "tags.Service_component": "upena-wal",
                            "type": "st1"
                        },
                        "meta": {},
                        "tainted": false
                    },
                    "deposed": [],
                    "provider": ""
                },
                "aws_ebs_volume.upena_wal_i5_v2": {
                    "type": "aws_ebs_volume",
                    "depends_on": [],
                    "primary": {
                        "id": "vol-0fd3393ae9a7a6e04",
                        "attributes": {
                            "availability_zone": "us-east-1b",
                            "encrypted": "true",
                            "id": "vol-0fd3393ae9a7a6e04",
                            "size": "2000",
                            "snapshot_id": "",
                            "tags.%": "7",
                            "tags.Account_name": "jive-reco-prod",
                            "tags.Jive_service": "upena",
                            "tags.Name": "us-east-1-jive-reco-prod-newpena-wal-i5-v2",
                            "tags.Pipeline_phase": "prod",
                            "tags.Region": "us-east-1",
                            "tags.SLA": "prod",
                            "tags.Service_component": "upena-wal",
                            "type": "st1"
                        },
                        "meta": {},
                        "tainted": false
                    },
                    "deposed": [],
                    "provider": ""
                },
                "aws_ebs_volume.upena_wal_i5_v3": {
                    "type": "aws_ebs_volume",
                    "depends_on": [],
                    "primary": {
                        "id": "vol-0f12d6e5ee85b8e3f",
                        "attributes": {
                            "availability_zone": "us-east-1b",
                            "encrypted": "true",
                            "id": "vol-0f12d6e5ee85b8e3f",
                            "size": "2000",
                            "snapshot_id": "",
                            "tags.%": "7",
                            "tags.Account_name": "jive-reco-prod",
                            "tags.Jive_service": "upena",
                            "tags.Name": "us-east-1-jive-reco-prod-newpena-wal-i5-v3",
                            "tags.Pipeline_phase": "prod",
                            "tags.Region": "us-east-1",
                            "tags.SLA": "prod",
                            "tags.Service_component": "upena-wal",
                            "type": "st1"
                        },
                        "meta": {},
                        "tainted": false
                    },
                    "deposed": [],
                    "provider": ""
                },
                "aws_ebs_volume.upena_wal_i6_v0": {
                    "type": "aws_ebs_volume",
                    "depends_on": [],
                    "primary": {
                        "id": "vol-042f54a6fe887eaff",
                        "attributes": {
                            "availability_zone": "us-east-1c",
                            "encrypted": "true",
                            "id": "vol-042f54a6fe887eaff",
                            "size": "500",
                            "snapshot_id": "",
                            "tags.%": "7",
                            "tags.Account_name": "jive-reco-prod",
                            "tags.Jive_service": "upena",
                            "tags.Name": "us-east-1-jive-reco-prod-newpena-wal-i6-v0",
                            "tags.Pipeline_phase": "prod",
                            "tags.Region": "us-east-1",
                            "tags.SLA": "prod",
                            "tags.Service_component": "upena-wal",
                            "type": "st1"
                        },
                        "meta": {},
                        "tainted": false
                    },
                    "deposed": [],
                    "provider": ""
                },
                "aws_ebs_volume.upena_wal_i6_v1": {
                    "type": "aws_ebs_volume",
                    "depends_on": [],
                    "primary": {
                        "id": "vol-068daed9fa0f9c82d",
                        "attributes": {
                            "availability_zone": "us-east-1c",
                            "encrypted": "true",
                            "id": "vol-068daed9fa0f9c82d",
                            "size": "2000",
                            "snapshot_id": "",
                            "tags.%": "7",
                            "tags.Account_name": "jive-reco-prod",
                            "tags.Jive_service": "upena",
                            "tags.Name": "us-east-1-jive-reco-prod-newpena-wal-i6-v1",
                            "tags.Pipeline_phase": "prod",
                            "tags.Region": "us-east-1",
                            "tags.SLA": "prod",
                            "tags.Service_component": "upena-wal",
                            "type": "st1"
                        },
                        "meta": {},
                        "tainted": false
                    },
                    "deposed": [],
                    "provider": ""
                },
                "aws_ebs_volume.upena_wal_i6_v2": {
                    "type": "aws_ebs_volume",
                    "depends_on": [],
                    "primary": {
                        "id": "vol-0027e363826d880e0",
                        "attributes": {
                            "availability_zone": "us-east-1c",
                            "encrypted": "true",
                            "id": "vol-0027e363826d880e0",
                            "size": "2000",
                            "snapshot_id": "",
                            "tags.%": "7",
                            "tags.Account_name": "jive-reco-prod",
                            "tags.Jive_service": "upena",
                            "tags.Name": "us-east-1-jive-reco-prod-newpena-wal-i6-v2",
                            "tags.Pipeline_phase": "prod",
                            "tags.Region": "us-east-1",
                            "tags.SLA": "prod",
                            "tags.Service_component": "upena-wal",
                            "type": "st1"
                        },
                        "meta": {},
                        "tainted": false
                    },
                    "deposed": [],
                    "provider": ""
                },
                "aws_ebs_volume.upena_wal_i6_v3": {
                    "type": "aws_ebs_volume",
                    "depends_on": [],
                    "primary": {
                        "id": "vol-06f5d535413a273ed",
                        "attributes": {
                            "availability_zone": "us-east-1c",
                            "encrypted": "true",
                            "id": "vol-06f5d535413a273ed",
                            "size": "2000",
                            "snapshot_id": "",
                            "tags.%": "7",
                            "tags.Account_name": "jive-reco-prod",
                            "tags.Jive_service": "upena",
                            "tags.Name": "us-east-1-jive-reco-prod-newpena-wal-i6-v3",
                            "tags.Pipeline_phase": "prod",
                            "tags.Region": "us-east-1",
                            "tags.SLA": "prod",
                            "tags.Service_component": "upena-wal",
                            "type": "st1"
                        },
                        "meta": {},
                        "tainted": false
                    },
                    "deposed": [],
                    "provider": ""
                },
                "aws_ebs_volume.upena_wal_i7_v0": {
                    "type": "aws_ebs_volume",
                    "depends_on": [],
                    "primary": {
                        "id": "vol-085c58ebe9e604132",
                        "attributes": {
                            "availability_zone": "us-east-1a",
                            "encrypted": "true",
                            "id": "vol-085c58ebe9e604132",
                            "size": "500",
                            "snapshot_id": "",
                            "tags.%": "7",
                            "tags.Account_name": "jive-reco-prod",
                            "tags.Jive_service": "upena",
                            "tags.Name": "us-east-1-jive-reco-prod-newpena-wal-i7-v0",
                            "tags.Pipeline_phase": "prod",
                            "tags.Region": "us-east-1",
                            "tags.SLA": "prod",
                            "tags.Service_component": "upena-wal",
                            "type": "st1"
                        },
                        "meta": {},
                        "tainted": false
                    },
                    "deposed": [],
                    "provider": ""
                },
                "aws_ebs_volume.upena_wal_i7_v1": {
                    "type": "aws_ebs_volume",
                    "depends_on": [],
                    "primary": {
                        "id": "vol-0449f96e125964fa3",
                        "attributes": {
                            "availability_zone": "us-east-1a",
                            "encrypted": "true",
                            "id": "vol-0449f96e125964fa3",
                            "size": "2000",
                            "snapshot_id": "",
                            "tags.%": "7",
                            "tags.Account_name": "jive-reco-prod",
                            "tags.Jive_service": "upena",
                            "tags.Name": "us-east-1-jive-reco-prod-newpena-wal-i7-v1",
                            "tags.Pipeline_phase": "prod",
                            "tags.Region": "us-east-1",
                            "tags.SLA": "prod",
                            "tags.Service_component": "upena-wal",
                            "type": "st1"
                        },
                        "meta": {},
                        "tainted": false
                    },
                    "deposed": [],
                    "provider": ""
                },
                "aws_ebs_volume.upena_wal_i7_v2": {
                    "type": "aws_ebs_volume",
                    "depends_on": [],
                    "primary": {
                        "id": "vol-05d08018c77b969c2",
                        "attributes": {
                            "availability_zone": "us-east-1a",
                            "encrypted": "true",
                            "id": "vol-05d08018c77b969c2",
                            "size": "2000",
                            "snapshot_id": "",
                            "tags.%": "7",
                            "tags.Account_name": "jive-reco-prod",
                            "tags.Jive_service": "upena",
                            "tags.Name": "us-east-1-jive-reco-prod-newpena-wal-i7-v2",
                            "tags.Pipeline_phase": "prod",
                            "tags.Region": "us-east-1",
                            "tags.SLA": "prod",
                            "tags.Service_component": "upena-wal",
                            "type": "st1"
                        },
                        "meta": {},
                        "tainted": false
                    },
                    "deposed": [],
                    "provider": ""
                },
                "aws_ebs_volume.upena_wal_i7_v3": {
                    "type": "aws_ebs_volume",
                    "depends_on": [],
                    "primary": {
                        "id": "vol-050be45b1d325d8bf",
                        "attributes": {
                            "availability_zone": "us-east-1a",
                            "encrypted": "true",
                            "id": "vol-050be45b1d325d8bf",
                            "size": "2000",
                            "snapshot_id": "",
                            "tags.%": "7",
                            "tags.Account_name": "jive-reco-prod",
                            "tags.Jive_service": "upena",
                            "tags.Name": "us-east-1-jive-reco-prod-newpena-wal-i7-v3",
                            "tags.Pipeline_phase": "prod",
                            "tags.Region": "us-east-1",
                            "tags.SLA": "prod",
                            "tags.Service_component": "upena-wal",
                            "type": "st1"
                        },
                        "meta": {},
                        "tainted": false
                    },
                    "deposed": [],
                    "provider": ""
                },
                "aws_ebs_volume.upena_wal_i8_v0": {
                    "type": "aws_ebs_volume",
                    "depends_on": [],
                    "primary": {
                        "id": "vol-054e5841225a47b53",
                        "attributes": {
                            "availability_zone": "us-east-1b",
                            "encrypted": "true",
                            "id": "vol-054e5841225a47b53",
                            "size": "500",
                            "snapshot_id": "",
                            "tags.%": "7",
                            "tags.Account_name": "jive-reco-prod",
                            "tags.Jive_service": "upena",
                            "tags.Name": "us-east-1-jive-reco-prod-newpena-wal-i8-v0",
                            "tags.Pipeline_phase": "prod",
                            "tags.Region": "us-east-1",
                            "tags.SLA": "prod",
                            "tags.Service_component": "upena-wal",
                            "type": "st1"
                        },
                        "meta": {},
                        "tainted": false
                    },
                    "deposed": [],
                    "provider": ""
                },
                "aws_ebs_volume.upena_wal_i8_v1": {
                    "type": "aws_ebs_volume",
                    "depends_on": [],
                    "primary": {
                        "id": "vol-0c2f24e958315b26d",
                        "attributes": {
                            "availability_zone": "us-east-1b",
                            "encrypted": "true",
                            "id": "vol-0c2f24e958315b26d",
                            "size": "2000",
                            "snapshot_id": "",
                            "tags.%": "7",
                            "tags.Account_name": "jive-reco-prod",
                            "tags.Jive_service": "upena",
                            "tags.Name": "us-east-1-jive-reco-prod-newpena-wal-i8-v1",
                            "tags.Pipeline_phase": "prod",
                            "tags.Region": "us-east-1",
                            "tags.SLA": "prod",
                            "tags.Service_component": "upena-wal",
                            "type": "st1"
                        },
                        "meta": {},
                        "tainted": false
                    },
                    "deposed": [],
                    "provider": ""
                },
                "aws_ebs_volume.upena_wal_i8_v2": {
                    "type": "aws_ebs_volume",
                    "depends_on": [],
                    "primary": {
                        "id": "vol-0289a6ff28a9400dc",
                        "attributes": {
                            "availability_zone": "us-east-1b",
                            "encrypted": "true",
                            "id": "vol-0289a6ff28a9400dc",
                            "size": "2000",
                            "snapshot_id": "",
                            "tags.%": "7",
                            "tags.Account_name": "jive-reco-prod",
                            "tags.Jive_service": "upena",
                            "tags.Name": "us-east-1-jive-reco-prod-newpena-wal-i8-v2",
                            "tags.Pipeline_phase": "prod",
                            "tags.Region": "us-east-1",
                            "tags.SLA": "prod",
                            "tags.Service_component": "upena-wal",
                            "type": "st1"
                        },
                        "meta": {},
                        "tainted": false
                    },
                    "deposed": [],
                    "provider": ""
                },
                "aws_ebs_volume.upena_wal_i8_v3": {
                    "type": "aws_ebs_volume",
                    "depends_on": [],
                    "primary": {
                        "id": "vol-0481e20dadb2fbac9",
                        "attributes": {
                            "availability_zone": "us-east-1b",
                            "encrypted": "true",
                            "id": "vol-0481e20dadb2fbac9",
                            "size": "2000",
                            "snapshot_id": "",
                            "tags.%": "7",
                            "tags.Account_name": "jive-reco-prod",
                            "tags.Jive_service": "upena",
                            "tags.Name": "us-east-1-jive-reco-prod-newpena-wal-i8-v3",
                            "tags.Pipeline_phase": "prod",
                            "tags.Region": "us-east-1",
                            "tags.SLA": "prod",
                            "tags.Service_component": "upena-wal",
                            "type": "st1"
                        },
                        "meta": {},
                        "tainted": false
                    },
                    "deposed": [],
                    "provider": ""
                },
                "aws_ebs_volume.upena_wal_i9_v0": {
                    "type": "aws_ebs_volume",
                    "depends_on": [],
                    "primary": {
                        "id": "vol-026304c39d5d15c10",
                        "attributes": {
                            "availability_zone": "us-east-1c",
                            "encrypted": "true",
                            "id": "vol-026304c39d5d15c10",
                            "size": "500",
                            "snapshot_id": "",
                            "tags.%": "7",
                            "tags.Account_name": "jive-reco-prod",
                            "tags.Jive_service": "upena",
                            "tags.Name": "us-east-1-jive-reco-prod-newpena-wal-i9-v0",
                            "tags.Pipeline_phase": "prod",
                            "tags.Region": "us-east-1",
                            "tags.SLA": "prod",
                            "tags.Service_component": "upena-wal",
                            "type": "st1"
                        },
                        "meta": {},
                        "tainted": false
                    },
                    "deposed": [],
                    "provider": ""
                },
                "aws_ebs_volume.upena_wal_i9_v1": {
                    "type": "aws_ebs_volume",
                    "depends_on": [],
                    "primary": {
                        "id": "vol-09952715242e563e8",
                        "attributes": {
                            "availability_zone": "us-east-1c",
                            "encrypted": "true",
                            "id": "vol-09952715242e563e8",
                            "size": "2000",
                            "snapshot_id": "",
                            "tags.%": "7",
                            "tags.Account_name": "jive-reco-prod",
                            "tags.Jive_service": "upena",
                            "tags.Name": "us-east-1-jive-reco-prod-newpena-wal-i9-v1",
                            "tags.Pipeline_phase": "prod",
                            "tags.Region": "us-east-1",
                            "tags.SLA": "prod",
                            "tags.Service_component": "upena-wal",
                            "type": "st1"
                        },
                        "meta": {},
                        "tainted": false
                    },
                    "deposed": [],
                    "provider": ""
                },
                "aws_ebs_volume.upena_wal_i9_v2": {
                    "type": "aws_ebs_volume",
                    "depends_on": [],
                    "primary": {
                        "id": "vol-026d6ac15a2634c92",
                        "attributes": {
                            "availability_zone": "us-east-1c",
                            "encrypted": "true",
                            "id": "vol-026d6ac15a2634c92",
                            "size": "2000",
                            "snapshot_id": "",
                            "tags.%": "7",
                            "tags.Account_name": "jive-reco-prod",
                            "tags.Jive_service": "upena",
                            "tags.Name": "us-east-1-jive-reco-prod-newpena-wal-i9-v2",
                            "tags.Pipeline_phase": "prod",
                            "tags.Region": "us-east-1",
                            "tags.SLA": "prod",
                            "tags.Service_component": "upena-wal",
                            "type": "st1"
                        },
                        "meta": {},
                        "tainted": false
                    },
                    "deposed": [],
                    "provider": ""
                },
                "aws_ebs_volume.upena_wal_i9_v3": {
                    "type": "aws_ebs_volume",
                    "depends_on": [],
                    "primary": {
                        "id": "vol-007f2bbdaa897d3f8",
                        "attributes": {
                            "availability_zone": "us-east-1c",
                            "encrypted": "true",
                            "id": "vol-007f2bbdaa897d3f8",
                            "size": "2000",
                            "snapshot_id": "",
                            "tags.%": "7",
                            "tags.Account_name": "jive-reco-prod",
                            "tags.Jive_service": "upena",
                            "tags.Name": "us-east-1-jive-reco-prod-newpena-wal-i9-v3",
                            "tags.Pipeline_phase": "prod",
                            "tags.Region": "us-east-1",
                            "tags.SLA": "prod",
                            "tags.Service_component": "upena-wal",
                            "type": "st1"
                        },
                        "meta": {},
                        "tainted": false
                    },
                    "deposed": [],
                    "provider": ""
                },
                "aws_instance.upena_wal_i1": {
                    "type": "aws_instance",
                    "depends_on": [
                        "aws_security_group.upena_wal_sg"
                    ],
                    "primary": {
                        "id": "i-0e9a49503d52fc12c",
                        "attributes": {
                            "ami": "ami-8c1be5f6",
                            "associate_public_ip_address": "false",
                            "availability_zone": "us-east-1a",
                            "disable_api_termination": "false",
                            "ebs_block_device.#": "0",
                            "ebs_optimized": "true",
                            "ephemeral_block_device.#": "0",
                            "iam_instance_profile": "upena-profile",
                            "id": "i-0e9a49503d52fc12c",
                            "instance_state": "running",
                            "instance_type": "r4.xlarge",
                            "ipv6_address_count": "0",
                            "ipv6_addresses.#": "0",
                            "key_name": "reco-prod",
                            "monitoring": "false",
                            "network_interface.#": "0",
                            "network_interface_id": "eni-f0fb9441",
                            "primary_network_interface_id": "eni-f0fb9441",
                            "private_dns": "ip-10-126-112-242.ec2.internal",
                            "private_ip": "10.126.112.242",
                            "public_dns": "",
                            "public_ip": "",
                            "root_block_device.#": "1",
                            "root_block_device.0.delete_on_termination": "true",
                            "root_block_device.0.iops": "0",
                            "root_block_device.0.volume_size": "8",
                            "root_block_device.0.volume_type": "standard",
                            "security_groups.#": "0",
                            "source_dest_check": "true",
                            "subnet_id": "subnet-bc450af4",
                            "tags.%": "7",
                            "tags.Account_name": "jive-reco-prod",
                            "tags.Jive_service": "upena",
                            "tags.Name": "us-east-1-jive-reco-prod-newpena-wal-i1",
                            "tags.Pipeline_phase": "prod",
                            "tags.Region": "us-east-1",
                            "tags.SLA": "prod",
                            "tags.Service_component": "upena-wal",
                            "tenancy": "default",
                            "user_data": "45482771671415e57a11ea31bfedae83d3b64e4a",
                            "volume_tags.%": "0",
                            "vpc_security_group_ids.#": "2",
                            "vpc_security_group_ids.2347632440": "sg-a0c545d2",
                            "vpc_security_group_ids.908896562": "sg-4ac4bc3b"
                        },
                        "meta": {
                            "schema_version": "1"
                        },
                        "tainted": false
                    },
                    "deposed": [],
                    "provider": ""
                },
                "aws_instance.upena_wal_i2": {
                    "type": "aws_instance",
                    "depends_on": [
                        "aws_security_group.upena_wal_sg"
                    ],
                    "primary": {
                        "id": "i-0fb799fcbbe28f847",
                        "attributes": {
                            "ami": "ami-8c1be5f6",
                            "associate_public_ip_address": "false",
                            "availability_zone": "us-east-1b",
                            "disable_api_termination": "false",
                            "ebs_block_device.#": "0",
                            "ebs_optimized": "true",
                            "ephemeral_block_device.#": "0",
                            "iam_instance_profile": "upena-profile",
                            "id": "i-0fb799fcbbe28f847",
                            "instance_state": "running",
                            "instance_type": "r4.xlarge",
                            "ipv6_address_count": "0",
                            "ipv6_addresses.#": "0",
                            "key_name": "reco-prod",
                            "monitoring": "false",
                            "network_interface.#": "0",
                            "network_interface_id": "eni-356fa782",
                            "primary_network_interface_id": "eni-356fa782",
                            "private_dns": "ip-10-126-114-99.ec2.internal",
                            "private_ip": "10.126.114.99",
                            "public_dns": "",
                            "public_ip": "",
                            "root_block_device.#": "1",
                            "root_block_device.0.delete_on_termination": "true",
                            "root_block_device.0.iops": "0",
                            "root_block_device.0.volume_size": "8",
                            "root_block_device.0.volume_type": "standard",
                            "security_groups.#": "0",
                            "source_dest_check": "true",
                            "subnet_id": "subnet-7d25a927",
                            "tags.%": "7",
                            "tags.Account_name": "jive-reco-prod",
                            "tags.Jive_service": "upena",
                            "tags.Name": "us-east-1-jive-reco-prod-newpena-wal-i2",
                            "tags.Pipeline_phase": "prod",
                            "tags.Region": "us-east-1",
                            "tags.SLA": "prod",
                            "tags.Service_component": "upena-wal",
                            "tenancy": "default",
                            "user_data": "45482771671415e57a11ea31bfedae83d3b64e4a",
                            "volume_tags.%": "0",
                            "vpc_security_group_ids.#": "2",
                            "vpc_security_group_ids.2347632440": "sg-a0c545d2",
                            "vpc_security_group_ids.908896562": "sg-4ac4bc3b"
                        },
                        "meta": {
                            "schema_version": "1"
                        },
                        "tainted": false
                    },
                    "deposed": [],
                    "provider": ""
                },
                "aws_instance.upena_wal_i3": {
                    "type": "aws_instance",
                    "depends_on": [
                        "aws_security_group.upena_wal_sg"
                    ],
                    "primary": {
                        "id": "i-0dd81478fad3c74a2",
                        "attributes": {
                            "ami": "ami-8c1be5f6",
                            "associate_public_ip_address": "false",
                            "availability_zone": "us-east-1c",
                            "disable_api_termination": "false",
                            "ebs_block_device.#": "0",
                            "ebs_optimized": "true",
                            "ephemeral_block_device.#": "0",
                            "iam_instance_profile": "upena-profile",
                            "id": "i-0dd81478fad3c74a2",
                            "instance_state": "running",
                            "instance_type": "r4.xlarge",
                            "ipv6_address_count": "0",
                            "ipv6_addresses.#": "0",
                            "key_name": "reco-prod",
                            "monitoring": "false",
                            "network_interface.#": "0",
                            "network_interface_id": "eni-d76b8ac1",
                            "primary_network_interface_id": "eni-d76b8ac1",
                            "private_dns": "ip-10-126-117-145.ec2.internal",
                            "private_ip": "10.126.117.145",
                            "public_dns": "",
                            "public_ip": "",
                            "root_block_device.#": "1",
                            "root_block_device.0.delete_on_termination": "true",
                            "root_block_device.0.iops": "0",
                            "root_block_device.0.volume_size": "8",
                            "root_block_device.0.volume_type": "standard",
                            "security_groups.#": "0",
                            "source_dest_check": "true",
                            "subnet_id": "subnet-ef28cc8b",
                            "tags.%": "7",
                            "tags.Account_name": "jive-reco-prod",
                            "tags.Jive_service": "upena",
                            "tags.Name": "us-east-1-jive-reco-prod-newpena-wal-i3",
                            "tags.Pipeline_phase": "prod",
                            "tags.Region": "us-east-1",
                            "tags.SLA": "prod",
                            "tags.Service_component": "upena-wal",
                            "tenancy": "default",
                            "user_data": "45482771671415e57a11ea31bfedae83d3b64e4a",
                            "volume_tags.%": "0",
                            "vpc_security_group_ids.#": "2",
                            "vpc_security_group_ids.2347632440": "sg-a0c545d2",
                            "vpc_security_group_ids.908896562": "sg-4ac4bc3b"
                        },
                        "meta": {
                            "schema_version": "1"
                        },
                        "tainted": false
                    },
                    "deposed": [],
                    "provider": ""
                },
                "aws_instance.upena_wal_i4": {
                    "type": "aws_instance",
                    "depends_on": [
                        "aws_security_group.upena_wal_sg"
                    ],
                    "primary": {
                        "id": "i-0f251962f72ff5b96",
                        "attributes": {
                            "ami": "ami-8c1be5f6",
                            "associate_public_ip_address": "false",
                            "availability_zone": "us-east-1a",
                            "disable_api_termination": "false",
                            "ebs_block_device.#": "0",
                            "ebs_optimized": "true",
                            "ephemeral_block_device.#": "0",
                            "iam_instance_profile": "upena-profile",
                            "id": "i-0f251962f72ff5b96",
                            "instance_state": "running",
                            "instance_type": "r4.xlarge",
                            "ipv6_address_count": "0",
                            "ipv6_addresses.#": "0",
                            "key_name": "reco-prod",
                            "monitoring": "false",
                            "network_interface.#": "0",
                            "network_interface_id": "eni-6ffe91de",
                            "primary_network_interface_id": "eni-6ffe91de",
                            "private_dns": "ip-10-126-113-65.ec2.internal",
                            "private_ip": "10.126.113.65",
                            "public_dns": "",
                            "public_ip": "",
                            "root_block_device.#": "1",
                            "root_block_device.0.delete_on_termination": "true",
                            "root_block_device.0.iops": "0",
                            "root_block_device.0.volume_size": "8",
                            "root_block_device.0.volume_type": "standard",
                            "security_groups.#": "0",
                            "source_dest_check": "true",
                            "subnet_id": "subnet-bc450af4",
                            "tags.%": "7",
                            "tags.Account_name": "jive-reco-prod",
                            "tags.Jive_service": "upena",
                            "tags.Name": "us-east-1-jive-reco-prod-newpena-wal-i4",
                            "tags.Pipeline_phase": "prod",
                            "tags.Region": "us-east-1",
                            "tags.SLA": "prod",
                            "tags.Service_component": "upena-wal",
                            "tenancy": "default",
                            "user_data": "45482771671415e57a11ea31bfedae83d3b64e4a",
                            "volume_tags.%": "0",
                            "vpc_security_group_ids.#": "2",
                            "vpc_security_group_ids.2347632440": "sg-a0c545d2",
                            "vpc_security_group_ids.908896562": "sg-4ac4bc3b"
                        },
                        "meta": {
                            "schema_version": "1"
                        },
                        "tainted": false
                    },
                    "deposed": [],
                    "provider": ""
                },
                "aws_instance.upena_wal_i5": {
                    "type": "aws_instance",
                    "depends_on": [
                        "aws_security_group.upena_wal_sg"
                    ],
                    "primary": {
                        "id": "i-068391a726fe3f087",
                        "attributes": {
                            "ami": "ami-8c1be5f6",
                            "associate_public_ip_address": "false",
                            "availability_zone": "us-east-1b",
                            "disable_api_termination": "false",
                            "ebs_block_device.#": "0",
                            "ebs_optimized": "true",
                            "ephemeral_block_device.#": "0",
                            "iam_instance_profile": "upena-profile",
                            "id": "i-068391a726fe3f087",
                            "instance_state": "running",
                            "instance_type": "r4.xlarge",
                            "ipv6_address_count": "0",
                            "ipv6_addresses.#": "0",
                            "key_name": "reco-prod",
                            "monitoring": "false",
                            "network_interface.#": "0",
                            "network_interface_id": "eni-756ba3c2",
                            "primary_network_interface_id": "eni-756ba3c2",
                            "private_dns": "ip-10-126-115-52.ec2.internal",
                            "private_ip": "10.126.115.52",
                            "public_dns": "",
                            "public_ip": "",
                            "root_block_device.#": "1",
                            "root_block_device.0.delete_on_termination": "true",
                            "root_block_device.0.iops": "0",
                            "root_block_device.0.volume_size": "8",
                            "root_block_device.0.volume_type": "standard",
                            "security_groups.#": "0",
                            "source_dest_check": "true",
                            "subnet_id": "subnet-7d25a927",
                            "tags.%": "7",
                            "tags.Account_name": "jive-reco-prod",
                            "tags.Jive_service": "upena",
                            "tags.Name": "us-east-1-jive-reco-prod-newpena-wal-i5",
                            "tags.Pipeline_phase": "prod",
                            "tags.Region": "us-east-1",
                            "tags.SLA": "prod",
                            "tags.Service_component": "upena-wal",
                            "tenancy": "default",
                            "user_data": "45482771671415e57a11ea31bfedae83d3b64e4a",
                            "volume_tags.%": "0",
                            "vpc_security_group_ids.#": "2",
                            "vpc_security_group_ids.2347632440": "sg-a0c545d2",
                            "vpc_security_group_ids.908896562": "sg-4ac4bc3b"
                        },
                        "meta": {
                            "schema_version": "1"
                        },
                        "tainted": false
                    },
                    "deposed": [],
                    "provider": ""
                },
                "aws_instance.upena_wal_i6": {
                    "type": "aws_instance",
                    "depends_on": [
                        "aws_security_group.upena_wal_sg"
                    ],
                    "primary": {
                        "id": "i-08ad5f28b471375e2",
                        "attributes": {
                            "ami": "ami-8c1be5f6",
                            "associate_public_ip_address": "false",
                            "availability_zone": "us-east-1c",
                            "disable_api_termination": "false",
                            "ebs_block_device.#": "0",
                            "ebs_optimized": "true",
                            "ephemeral_block_device.#": "0",
                            "iam_instance_profile": "upena-profile",
                            "id": "i-08ad5f28b471375e2",
                            "instance_state": "running",
                            "instance_type": "r4.xlarge",
                            "ipv6_address_count": "0",
                            "ipv6_addresses.#": "0",
                            "key_name": "reco-prod",
                            "monitoring": "false",
                            "network_interface.#": "0",
                            "network_interface_id": "eni-466d8c50",
                            "primary_network_interface_id": "eni-466d8c50",
                            "private_dns": "ip-10-126-117-158.ec2.internal",
                            "private_ip": "10.126.117.158",
                            "public_dns": "",
                            "public_ip": "",
                            "root_block_device.#": "1",
                            "root_block_device.0.delete_on_termination": "true",
                            "root_block_device.0.iops": "0",
                            "root_block_device.0.volume_size": "8",
                            "root_block_device.0.volume_type": "standard",
                            "security_groups.#": "0",
                            "source_dest_check": "true",
                            "subnet_id": "subnet-ef28cc8b",
                            "tags.%": "7",
                            "tags.Account_name": "jive-reco-prod",
                            "tags.Jive_service": "upena",
                            "tags.Name": "us-east-1-jive-reco-prod-newpena-wal-i6",
                            "tags.Pipeline_phase": "prod",
                            "tags.Region": "us-east-1",
                            "tags.SLA": "prod",
                            "tags.Service_component": "upena-wal",
                            "tenancy": "default",
                            "user_data": "45482771671415e57a11ea31bfedae83d3b64e4a",
                            "volume_tags.%": "0",
                            "vpc_security_group_ids.#": "2",
                            "vpc_security_group_ids.2347632440": "sg-a0c545d2",
                            "vpc_security_group_ids.908896562": "sg-4ac4bc3b"
                        },
                        "meta": {
                            "schema_version": "1"
                        },
                        "tainted": false
                    },
                    "deposed": [],
                    "provider": ""
                },
                "aws_instance.upena_wal_i7": {
                    "type": "aws_instance",
                    "depends_on": [
                        "aws_security_group.upena_wal_sg"
                    ],
                    "primary": {
                        "id": "i-0307e6c65835751fd",
                        "attributes": {
                            "ami": "ami-8c1be5f6",
                            "associate_public_ip_address": "false",
                            "availability_zone": "us-east-1a",
                            "disable_api_termination": "false",
                            "ebs_block_device.#": "0",
                            "ebs_optimized": "true",
                            "ephemeral_block_device.#": "0",
                            "iam_instance_profile": "upena-profile",
                            "id": "i-0307e6c65835751fd",
                            "instance_state": "running",
                            "instance_type": "r4.xlarge",
                            "ipv6_address_count": "0",
                            "ipv6_addresses.#": "0",
                            "key_name": "reco-prod",
                            "monitoring": "false",
                            "network_interface.#": "0",
                            "network_interface_id": "eni-68fa95d9",
                            "primary_network_interface_id": "eni-68fa95d9",
                            "private_dns": "ip-10-126-113-221.ec2.internal",
                            "private_ip": "10.126.113.221",
                            "public_dns": "",
                            "public_ip": "",
                            "root_block_device.#": "1",
                            "root_block_device.0.delete_on_termination": "true",
                            "root_block_device.0.iops": "0",
                            "root_block_device.0.volume_size": "8",
                            "root_block_device.0.volume_type": "standard",
                            "security_groups.#": "0",
                            "source_dest_check": "true",
                            "subnet_id": "subnet-bc450af4",
                            "tags.%": "7",
                            "tags.Account_name": "jive-reco-prod",
                            "tags.Jive_service": "upena",
                            "tags.Name": "us-east-1-jive-reco-prod-newpena-wal-i7",
                            "tags.Pipeline_phase": "prod",
                            "tags.Region": "us-east-1",
                            "tags.SLA": "prod",
                            "tags.Service_component": "upena-wal",
                            "tenancy": "default",
                            "user_data": "45482771671415e57a11ea31bfedae83d3b64e4a",
                            "volume_tags.%": "0",
                            "vpc_security_group_ids.#": "2",
                            "vpc_security_group_ids.2347632440": "sg-a0c545d2",
                            "vpc_security_group_ids.908896562": "sg-4ac4bc3b"
                        },
                        "meta": {
                            "schema_version": "1"
                        },
                        "tainted": false
                    },
                    "deposed": [],
                    "provider": ""
                },
                "aws_instance.upena_wal_i8": {
                    "type": "aws_instance",
                    "depends_on": [
                        "aws_security_group.upena_wal_sg"
                    ],
                    "primary": {
                        "id": "i-02f3c0ad56ba8ff23",
                        "attributes": {
                            "ami": "ami-8c1be5f6",
                            "associate_public_ip_address": "false",
                            "availability_zone": "us-east-1b",
                            "disable_api_termination": "false",
                            "ebs_block_device.#": "0",
                            "ebs_optimized": "true",
                            "ephemeral_block_device.#": "0",
                            "iam_instance_profile": "upena-profile",
                            "id": "i-02f3c0ad56ba8ff23",
                            "instance_state": "running",
                            "instance_type": "r4.xlarge",
                            "ipv6_address_count": "0",
                            "ipv6_addresses.#": "0",
                            "key_name": "reco-prod",
                            "monitoring": "false",
                            "network_interface.#": "0",
                            "network_interface_id": "eni-e262aa55",
                            "primary_network_interface_id": "eni-e262aa55",
                            "private_dns": "ip-10-126-115-207.ec2.internal",
                            "private_ip": "10.126.115.207",
                            "public_dns": "",
                            "public_ip": "",
                            "root_block_device.#": "1",
                            "root_block_device.0.delete_on_termination": "true",
                            "root_block_device.0.iops": "0",
                            "root_block_device.0.volume_size": "8",
                            "root_block_device.0.volume_type": "standard",
                            "security_groups.#": "0",
                            "source_dest_check": "true",
                            "subnet_id": "subnet-7d25a927",
                            "tags.%": "7",
                            "tags.Account_name": "jive-reco-prod",
                            "tags.Jive_service": "upena",
                            "tags.Name": "us-east-1-jive-reco-prod-newpena-wal-i8",
                            "tags.Pipeline_phase": "prod",
                            "tags.Region": "us-east-1",
                            "tags.SLA": "prod",
                            "tags.Service_component": "upena-wal",
                            "tenancy": "default",
                            "user_data": "45482771671415e57a11ea31bfedae83d3b64e4a",
                            "volume_tags.%": "0",
                            "vpc_security_group_ids.#": "2",
                            "vpc_security_group_ids.2347632440": "sg-a0c545d2",
                            "vpc_security_group_ids.908896562": "sg-4ac4bc3b"
                        },
                        "meta": {
                            "schema_version": "1"
                        },
                        "tainted": false
                    },
                    "deposed": [],
                    "provider": ""
                },
                "aws_instance.upena_wal_i9": {
                    "type": "aws_instance",
                    "depends_on": [
                        "aws_security_group.upena_wal_sg"
                    ],
                    "primary": {
                        "id": "i-09f686ce8235daf71",
                        "attributes": {
                            "ami": "ami-8c1be5f6",
                            "associate_public_ip_address": "false",
                            "availability_zone": "us-east-1c",
                            "disable_api_termination": "false",
                            "ebs_block_device.#": "0",
                            "ebs_optimized": "true",
                            "ephemeral_block_device.#": "0",
                            "iam_instance_profile": "upena-profile",
                            "id": "i-09f686ce8235daf71",
                            "instance_state": "running",
                            "instance_type": "r4.xlarge",
                            "ipv6_address_count": "0",
                            "ipv6_addresses.#": "0",
                            "key_name": "reco-prod",
                            "monitoring": "false",
                            "network_interface.#": "0",
                            "network_interface_id": "eni-4f6f8e59",
                            "primary_network_interface_id": "eni-4f6f8e59",
                            "private_dns": "ip-10-126-116-196.ec2.internal",
                            "private_ip": "10.126.116.196",
                            "public_dns": "",
                            "public_ip": "",
                            "root_block_device.#": "1",
                            "root_block_device.0.delete_on_termination": "true",
                            "root_block_device.0.iops": "0",
                            "root_block_device.0.volume_size": "8",
                            "root_block_device.0.volume_type": "standard",
                            "security_groups.#": "0",
                            "source_dest_check": "true",
                            "subnet_id": "subnet-ef28cc8b",
                            "tags.%": "7",
                            "tags.Account_name": "jive-reco-prod",
                            "tags.Jive_service": "upena",
                            "tags.Name": "us-east-1-jive-reco-prod-newpena-wal-i9",
                            "tags.Pipeline_phase": "prod",
                            "tags.Region": "us-east-1",
                            "tags.SLA": "prod",
                            "tags.Service_component": "upena-wal",
                            "tenancy": "default",
                            "user_data": "45482771671415e57a11ea31bfedae83d3b64e4a",
                            "volume_tags.%": "0",
                            "vpc_security_group_ids.#": "2",
                            "vpc_security_group_ids.2347632440": "sg-a0c545d2",
                            "vpc_security_group_ids.908896562": "sg-4ac4bc3b"
                        },
                        "meta": {
                            "schema_version": "1"
                        },
                        "tainted": false
                    },
                    "deposed": [],
                    "provider": ""
                },
                "aws_route53_record.newpena_wal_ri1": {
                    "type": "aws_route53_record",
                    "depends_on": [
                        "aws_instance.upena_wal_i1"
                    ],
                    "primary": {
                        "id": "Z3G5VQCYCT435Y_us-east-1-jive-reco-prod-newpena-wal-i1_A",
                        "attributes": {
                            "fqdn": "us-east-1-jive-reco-prod-newpena-wal-i1.jiveprivate.com",
                            "health_check_id": "",
                            "id": "Z3G5VQCYCT435Y_us-east-1-jive-reco-prod-newpena-wal-i1_A",
                            "name": "us-east-1-jive-reco-prod-newpena-wal-i1",
                            "records.#": "1",
                            "records.721611941": "10.126.112.242",
                            "set_identifier": "",
                            "ttl": "60",
                            "type": "A",
                            "zone_id": "Z3G5VQCYCT435Y"
                        },
                        "meta": {
                            "schema_version": "2"
                        },
                        "tainted": false
                    },
                    "deposed": [],
                    "provider": ""
                },
                "aws_route53_record.newpena_wal_ri2": {
                    "type": "aws_route53_record",
                    "depends_on": [
                        "aws_instance.upena_wal_i2"
                    ],
                    "primary": {
                        "id": "Z3G5VQCYCT435Y_us-east-1-jive-reco-prod-newpena-wal-i2_A",
                        "attributes": {
                            "fqdn": "us-east-1-jive-reco-prod-newpena-wal-i2.jiveprivate.com",
                            "health_check_id": "",
                            "id": "Z3G5VQCYCT435Y_us-east-1-jive-reco-prod-newpena-wal-i2_A",
                            "name": "us-east-1-jive-reco-prod-newpena-wal-i2",
                            "records.#": "1",
                            "records.32685316": "10.126.114.99",
                            "set_identifier": "",
                            "ttl": "60",
                            "type": "A",
                            "zone_id": "Z3G5VQCYCT435Y"
                        },
                        "meta": {
                            "schema_version": "2"
                        },
                        "tainted": false
                    },
                    "deposed": [],
                    "provider": ""
                },
                "aws_route53_record.newpena_wal_ri3": {
                    "type": "aws_route53_record",
                    "depends_on": [
                        "aws_instance.upena_wal_i3"
                    ],
                    "primary": {
                        "id": "Z3G5VQCYCT435Y_us-east-1-jive-reco-prod-newpena-wal-i3_A",
                        "attributes": {
                            "fqdn": "us-east-1-jive-reco-prod-newpena-wal-i3.jiveprivate.com",
                            "health_check_id": "",
                            "id": "Z3G5VQCYCT435Y_us-east-1-jive-reco-prod-newpena-wal-i3_A",
                            "name": "us-east-1-jive-reco-prod-newpena-wal-i3",
                            "records.#": "1",
                            "records.2143307823": "10.126.117.145",
                            "set_identifier": "",
                            "ttl": "60",
                            "type": "A",
                            "zone_id": "Z3G5VQCYCT435Y"
                        },
                        "meta": {
                            "schema_version": "2"
                        },
                        "tainted": false
                    },
                    "deposed": [],
                    "provider": ""
                },
                "aws_route53_record.newpena_wal_ri4": {
                    "type": "aws_route53_record",
                    "depends_on": [
                        "aws_instance.upena_wal_i4"
                    ],
                    "primary": {
                        "id": "Z3G5VQCYCT435Y_us-east-1-jive-reco-prod-newpena-wal-i4_A",
                        "attributes": {
                            "fqdn": "us-east-1-jive-reco-prod-newpena-wal-i4.jiveprivate.com",
                            "health_check_id": "",
                            "id": "Z3G5VQCYCT435Y_us-east-1-jive-reco-prod-newpena-wal-i4_A",
                            "name": "us-east-1-jive-reco-prod-newpena-wal-i4",
                            "records.#": "1",
                            "records.302765401": "10.126.113.65",
                            "set_identifier": "",
                            "ttl": "60",
                            "type": "A",
                            "zone_id": "Z3G5VQCYCT435Y"
                        },
                        "meta": {
                            "schema_version": "2"
                        },
                        "tainted": false
                    },
                    "deposed": [],
                    "provider": ""
                },
                "aws_route53_record.newpena_wal_ri5": {
                    "type": "aws_route53_record",
                    "depends_on": [
                        "aws_instance.upena_wal_i5"
                    ],
                    "primary": {
                        "id": "Z3G5VQCYCT435Y_us-east-1-jive-reco-prod-newpena-wal-i5_A",
                        "attributes": {
                            "fqdn": "us-east-1-jive-reco-prod-newpena-wal-i5.jiveprivate.com",
                            "health_check_id": "",
                            "id": "Z3G5VQCYCT435Y_us-east-1-jive-reco-prod-newpena-wal-i5_A",
                            "name": "us-east-1-jive-reco-prod-newpena-wal-i5",
                            "records.#": "1",
                            "records.2183744741": "10.126.115.52",
                            "set_identifier": "",
                            "ttl": "60",
                            "type": "A",
                            "zone_id": "Z3G5VQCYCT435Y"
                        },
                        "meta": {
                            "schema_version": "2"
                        },
                        "tainted": false
                    },
                    "deposed": [],
                    "provider": ""
                },
                "aws_route53_record.newpena_wal_ri6": {
                    "type": "aws_route53_record",
                    "depends_on": [
                        "aws_instance.upena_wal_i6"
                    ],
                    "primary": {
                        "id": "Z3G5VQCYCT435Y_us-east-1-jive-reco-prod-newpena-wal-i6_A",
                        "attributes": {
                            "fqdn": "us-east-1-jive-reco-prod-newpena-wal-i6.jiveprivate.com",
                            "health_check_id": "",
                            "id": "Z3G5VQCYCT435Y_us-east-1-jive-reco-prod-newpena-wal-i6_A",
                            "name": "us-east-1-jive-reco-prod-newpena-wal-i6",
                            "records.#": "1",
                            "records.409601491": "10.126.117.158",
                            "set_identifier": "",
                            "ttl": "60",
                            "type": "A",
                            "zone_id": "Z3G5VQCYCT435Y"
                        },
                        "meta": {
                            "schema_version": "2"
                        },
                        "tainted": false
                    },
                    "deposed": [],
                    "provider": ""
                },
                "aws_route53_record.newpena_wal_ri7": {
                    "type": "aws_route53_record",
                    "depends_on": [
                        "aws_instance.upena_wal_i7"
                    ],
                    "primary": {
                        "id": "Z3G5VQCYCT435Y_us-east-1-jive-reco-prod-newpena-wal-i7_A",
                        "attributes": {
                            "fqdn": "us-east-1-jive-reco-prod-newpena-wal-i7.jiveprivate.com",
                            "health_check_id": "",
                            "id": "Z3G5VQCYCT435Y_us-east-1-jive-reco-prod-newpena-wal-i7_A",
                            "name": "us-east-1-jive-reco-prod-newpena-wal-i7",
                            "records.#": "1",
                            "records.3643880233": "10.126.113.221",
                            "set_identifier": "",
                            "ttl": "60",
                            "type": "A",
                            "zone_id": "Z3G5VQCYCT435Y"
                        },
                        "meta": {
                            "schema_version": "2"
                        },
                        "tainted": false
                    },
                    "deposed": [],
                    "provider": ""
                },
                "aws_route53_record.newpena_wal_ri8": {
                    "type": "aws_route53_record",
                    "depends_on": [
                        "aws_instance.upena_wal_i8"
                    ],
                    "primary": {
                        "id": "Z3G5VQCYCT435Y_us-east-1-jive-reco-prod-newpena-wal-i8_A",
                        "attributes": {
                            "fqdn": "us-east-1-jive-reco-prod-newpena-wal-i8.jiveprivate.com",
                            "health_check_id": "",
                            "id": "Z3G5VQCYCT435Y_us-east-1-jive-reco-prod-newpena-wal-i8_A",
                            "name": "us-east-1-jive-reco-prod-newpena-wal-i8",
                            "records.#": "1",
                            "records.2367947070": "10.126.115.207",
                            "set_identifier": "",
                            "ttl": "60",
                            "type": "A",
                            "zone_id": "Z3G5VQCYCT435Y"
                        },
                        "meta": {
                            "schema_version": "2"
                        },
                        "tainted": false
                    },
                    "deposed": [],
                    "provider": ""
                },
                "aws_route53_record.newpena_wal_ri9": {
                    "type": "aws_route53_record",
                    "depends_on": [
                        "aws_instance.upena_wal_i9"
                    ],
                    "primary": {
                        "id": "Z3G5VQCYCT435Y_us-east-1-jive-reco-prod-newpena-wal-i9_A",
                        "attributes": {
                            "fqdn": "us-east-1-jive-reco-prod-newpena-wal-i9.jiveprivate.com",
                            "health_check_id": "",
                            "id": "Z3G5VQCYCT435Y_us-east-1-jive-reco-prod-newpena-wal-i9_A",
                            "name": "us-east-1-jive-reco-prod-newpena-wal-i9",
                            "records.#": "1",
                            "records.1845972584": "10.126.116.196",
                            "set_identifier": "",
                            "ttl": "60",
                            "type": "A",
                            "zone_id": "Z3G5VQCYCT435Y"
                        },
                        "meta": {
                            "schema_version": "2"
                        },
                        "tainted": false
                    },
                    "deposed": [],
                    "provider": ""
                },
                "aws_security_group.upena_wal_sg": {
                    "type": "aws_security_group",
                    "depends_on": [],
                    "primary": {
                        "id": "sg-a0c545d2",
                        "attributes": {
                            "description": "Allows necessary communication between upena-wal instances",
                            "egress.#": "0",
                            "id": "sg-a0c545d2",
                            "ingress.#": "2",
                            "ingress.1251094559.cidr_blocks.#": "1",
                            "ingress.1251094559.cidr_blocks.0": "0.0.0.0/0",
                            "ingress.1251094559.from_port": "1175",
                            "ingress.1251094559.ipv6_cidr_blocks.#": "0",
                            "ingress.1251094559.protocol": "tcp",
                            "ingress.1251094559.security_groups.#": "0",
                            "ingress.1251094559.self": "false",
                            "ingress.1251094559.to_port": "1175",
                            "ingress.3258786324.cidr_blocks.#": "1",
                            "ingress.3258786324.cidr_blocks.0": "0.0.0.0/0",
                            "ingress.3258786324.from_port": "10000",
                            "ingress.3258786324.ipv6_cidr_blocks.#": "0",
                            "ingress.3258786324.protocol": "tcp",
                            "ingress.3258786324.security_groups.#": "0",
                            "ingress.3258786324.self": "false",
                            "ingress.3258786324.to_port": "11000",
                            "name": "us-east-1-jive-reco-prod-upena-wal",
                            "owner_id": "870846026232",
                            "tags.%": "7",
                            "tags.Account_name": "jive-reco-prod",
                            "tags.Jive_service": "upena",
                            "tags.Name": "us-east-1-jive-reco-prod-upena-wal",
                            "tags.Pipeline_phase": "prod",
                            "tags.Region": "us-east-1",
                            "tags.SLA": "prod",
                            "tags.Service_component": "upena-wal",
                            "vpc_id": "vpc-0175e878"
                        },
                        "meta": {},
                        "tainted": false
                    },
                    "deposed": [],
                    "provider": ""
                },
                "aws_volume_attachment.upena_wal_i1_av0": {
                    "type": "aws_volume_attachment",
                    "depends_on": [
                        "aws_ebs_volume.upena_wal_i1_v0",
                        "aws_instance.upena_wal_i1"
                    ],
                    "primary": {
                        "id": "vai-2274744793",
                        "attributes": {
                            "device_name": "/dev/sdd",
                            "force_detach": "true",
                            "id": "vai-2274744793",
                            "instance_id": "i-0e9a49503d52fc12c",
                            "volume_id": "vol-0fe5727e4ea9e18d9"
                        },
                        "meta": {},
                        "tainted": false
                    },
                    "deposed": [],
                    "provider": ""
                },
                "aws_volume_attachment.upena_wal_i1_av1": {
                    "type": "aws_volume_attachment",
                    "depends_on": [
                        "aws_ebs_volume.upena_wal_i1_v1",
                        "aws_instance.upena_wal_i1"
                    ],
                    "primary": {
                        "id": "vai-2260389912",
                        "attributes": {
                            "device_name": "/dev/sde",
                            "force_detach": "true",
                            "id": "vai-2260389912",
                            "instance_id": "i-0e9a49503d52fc12c",
                            "volume_id": "vol-0e125a3e7c720a69c"
                        },
                        "meta": {},
                        "tainted": false
                    },
                    "deposed": [],
                    "provider": ""
                },
                "aws_volume_attachment.upena_wal_i1_av2": {
                    "type": "aws_volume_attachment",
                    "depends_on": [
                        "aws_ebs_volume.upena_wal_i1_v2",
                        "aws_instance.upena_wal_i1"
                    ],
                    "primary": {
                        "id": "vai-2189415658",
                        "attributes": {
                            "device_name": "/dev/sdf",
                            "force_detach": "true",
                            "id": "vai-2189415658",
                            "instance_id": "i-0e9a49503d52fc12c",
                            "volume_id": "vol-08da370abfadee78d"
                        },
                        "meta": {},
                        "tainted": false
                    },
                    "deposed": [],
                    "provider": ""
                },
                "aws_volume_attachment.upena_wal_i1_av3": {
                    "type": "aws_volume_attachment",
                    "depends_on": [
                        "aws_ebs_volume.upena_wal_i1_v3",
                        "aws_instance.upena_wal_i1"
                    ],
                    "primary": {
                        "id": "vai-1343232691",
                        "attributes": {
                            "device_name": "/dev/sdg",
                            "force_detach": "true",
                            "id": "vai-1343232691",
                            "instance_id": "i-0e9a49503d52fc12c",
                            "volume_id": "vol-0f2a516368c1080e5"
                        },
                        "meta": {},
                        "tainted": false
                    },
                    "deposed": [],
                    "provider": ""
                },
                "aws_volume_attachment.upena_wal_i2_av0": {
                    "type": "aws_volume_attachment",
                    "depends_on": [
                        "aws_ebs_volume.upena_wal_i2_v0",
                        "aws_instance.upena_wal_i2"
                    ],
                    "primary": {
                        "id": "vai-2130556405",
                        "attributes": {
                            "device_name": "/dev/sdd",
                            "force_detach": "true",
                            "id": "vai-2130556405",
                            "instance_id": "i-0fb799fcbbe28f847",
                            "volume_id": "vol-084d02485f4c522a0"
                        },
                        "meta": {},
                        "tainted": false
                    },
                    "deposed": [],
                    "provider": ""
                },
                "aws_volume_attachment.upena_wal_i2_av1": {
                    "type": "aws_volume_attachment",
                    "depends_on": [
                        "aws_ebs_volume.upena_wal_i2_v1",
                        "aws_instance.upena_wal_i2"
                    ],
                    "primary": {
                        "id": "vai-3761965054",
                        "attributes": {
                            "device_name": "/dev/sde",
                            "force_detach": "true",
                            "id": "vai-3761965054",
                            "instance_id": "i-0fb799fcbbe28f847",
                            "volume_id": "vol-02b8d2d07aea79216"
                        },
                        "meta": {},
                        "tainted": false
                    },
                    "deposed": [],
                    "provider": ""
                },
                "aws_volume_attachment.upena_wal_i2_av2": {
                    "type": "aws_volume_attachment",
                    "depends_on": [
                        "aws_ebs_volume.upena_wal_i2_v2",
                        "aws_instance.upena_wal_i2"
                    ],
                    "primary": {
                        "id": "vai-2362250620",
                        "attributes": {
                            "device_name": "/dev/sdf",
                            "force_detach": "true",
                            "id": "vai-2362250620",
                            "instance_id": "i-0fb799fcbbe28f847",
                            "volume_id": "vol-0fe20d49f19081b8c"
                        },
                        "meta": {},
                        "tainted": false
                    },
                    "deposed": [],
                    "provider": ""
                },
                "aws_volume_attachment.upena_wal_i2_av3": {
                    "type": "aws_volume_attachment",
                    "depends_on": [
                        "aws_ebs_volume.upena_wal_i2_v3",
                        "aws_instance.upena_wal_i2"
                    ],
                    "primary": {
                        "id": "vai-1389806195",
                        "attributes": {
                            "device_name": "/dev/sdg",
                            "force_detach": "true",
                            "id": "vai-1389806195",
                            "instance_id": "i-0fb799fcbbe28f847",
                            "volume_id": "vol-09efb135627844b06"
                        },
                        "meta": {},
                        "tainted": false
                    },
                    "deposed": [],
                    "provider": ""
                },
                "aws_volume_attachment.upena_wal_i3_av0": {
                    "type": "aws_volume_attachment",
                    "depends_on": [
                        "aws_ebs_volume.upena_wal_i3_v0",
                        "aws_instance.upena_wal_i3"
                    ],
                    "primary": {
                        "id": "vai-3863968659",
                        "attributes": {
                            "device_name": "/dev/sdd",
                            "force_detach": "true",
                            "id": "vai-3863968659",
                            "instance_id": "i-0dd81478fad3c74a2",
                            "volume_id": "vol-00e0a316c4e6702de"
                        },
                        "meta": {},
                        "tainted": false
                    },
                    "deposed": [],
                    "provider": ""
                },
                "aws_volume_attachment.upena_wal_i3_av1": {
                    "type": "aws_volume_attachment",
                    "depends_on": [
                        "aws_ebs_volume.upena_wal_i3_v1",
                        "aws_instance.upena_wal_i3"
                    ],
                    "primary": {
                        "id": "vai-1074059587",
                        "attributes": {
                            "device_name": "/dev/sde",
                            "force_detach": "true",
                            "id": "vai-1074059587",
                            "instance_id": "i-0dd81478fad3c74a2",
                            "volume_id": "vol-051a0516cd8b7f806"
                        },
                        "meta": {},
                        "tainted": false
                    },
                    "deposed": [],
                    "provider": ""
                },
                "aws_volume_attachment.upena_wal_i3_av2": {
                    "type": "aws_volume_attachment",
                    "depends_on": [
                        "aws_ebs_volume.upena_wal_i3_v2",
                        "aws_instance.upena_wal_i3"
                    ],
                    "primary": {
                        "id": "vai-420321227",
                        "attributes": {
                            "device_name": "/dev/sdf",
                            "force_detach": "true",
                            "id": "vai-420321227",
                            "instance_id": "i-0dd81478fad3c74a2",
                            "volume_id": "vol-03d94a84485ad2486"
                        },
                        "meta": {},
                        "tainted": false
                    },
                    "deposed": [],
                    "provider": ""
                },
                "aws_volume_attachment.upena_wal_i3_av3": {
                    "type": "aws_volume_attachment",
                    "depends_on": [
                        "aws_ebs_volume.upena_wal_i3_v3",
                        "aws_instance.upena_wal_i3"
                    ],
                    "primary": {
                        "id": "vai-1197058512",
                        "attributes": {
                            "device_name": "/dev/sdg",
                            "force_detach": "true",
                            "id": "vai-1197058512",
                            "instance_id": "i-0dd81478fad3c74a2",
                            "volume_id": "vol-0b72bec93db356b50"
                        },
                        "meta": {},
                        "tainted": false
                    },
                    "deposed": [],
                    "provider": ""
                },
                "aws_volume_attachment.upena_wal_i4_av0": {
                    "type": "aws_volume_attachment",
                    "depends_on": [
                        "aws_ebs_volume.upena_wal_i4_v0",
                        "aws_instance.upena_wal_i4"
                    ],
                    "primary": {
                        "id": "vai-845667613",
                        "attributes": {
                            "device_name": "/dev/sdd",
                            "force_detach": "true",
                            "id": "vai-845667613",
                            "instance_id": "i-0f251962f72ff5b96",
                            "volume_id": "vol-0b3c1ffd99bd7f011"
                        },
                        "meta": {},
                        "tainted": false
                    },
                    "deposed": [],
                    "provider": ""
                },
                "aws_volume_attachment.upena_wal_i4_av1": {
                    "type": "aws_volume_attachment",
                    "depends_on": [
                        "aws_ebs_volume.upena_wal_i4_v1",
                        "aws_instance.upena_wal_i4"
                    ],
                    "primary": {
                        "id": "vai-266458126",
                        "attributes": {
                            "device_name": "/dev/sde",
                            "force_detach": "true",
                            "id": "vai-266458126",
                            "instance_id": "i-0f251962f72ff5b96",
                            "volume_id": "vol-059fd20d932fbce93"
                        },
                        "meta": {},
                        "tainted": false
                    },
                    "deposed": [],
                    "provider": ""
                },
                "aws_volume_attachment.upena_wal_i4_av2": {
                    "type": "aws_volume_attachment",
                    "depends_on": [
                        "aws_ebs_volume.upena_wal_i4_v2",
                        "aws_instance.upena_wal_i4"
                    ],
                    "primary": {
                        "id": "vai-1449999467",
                        "attributes": {
                            "device_name": "/dev/sdf",
                            "force_detach": "true",
                            "id": "vai-1449999467",
                            "instance_id": "i-0f251962f72ff5b96",
                            "volume_id": "vol-05ce50558f70fdf22"
                        },
                        "meta": {},
                        "tainted": false
                    },
                    "deposed": [],
                    "provider": ""
                },
                "aws_volume_attachment.upena_wal_i4_av3": {
                    "type": "aws_volume_attachment",
                    "depends_on": [
                        "aws_ebs_volume.upena_wal_i4_v3",
                        "aws_instance.upena_wal_i4"
                    ],
                    "primary": {
                        "id": "vai-2012233479",
                        "attributes": {
                            "device_name": "/dev/sdg",
                            "force_detach": "true",
                            "id": "vai-2012233479",
                            "instance_id": "i-0f251962f72ff5b96",
                            "volume_id": "vol-0db0e5f473a04ae6c"
                        },
                        "meta": {},
                        "tainted": false
                    },
                    "deposed": [],
                    "provider": ""
                },
                "aws_volume_attachment.upena_wal_i5_av0": {
                    "type": "aws_volume_attachment",
                    "depends_on": [
                        "aws_ebs_volume.upena_wal_i5_v0",
                        "aws_instance.upena_wal_i5"
                    ],
                    "primary": {
                        "id": "vai-3367735401",
                        "attributes": {
                            "device_name": "/dev/sdd",
                            "force_detach": "true",
                            "id": "vai-3367735401",
                            "instance_id": "i-068391a726fe3f087",
                            "volume_id": "vol-03959df9ad2757bc9"
                        },
                        "meta": {},
                        "tainted": false
                    },
                    "deposed": [],
                    "provider": ""
                },
                "aws_volume_attachment.upena_wal_i5_av1": {
                    "type": "aws_volume_attachment",
                    "depends_on": [
                        "aws_ebs_volume.upena_wal_i5_v1",
                        "aws_instance.upena_wal_i5"
                    ],
                    "primary": {
                        "id": "vai-2589840713",
                        "attributes": {
                            "device_name": "/dev/sde",
                            "force_detach": "true",
                            "id": "vai-2589840713",
                            "instance_id": "i-068391a726fe3f087",
                            "volume_id": "vol-059069748111109cf"
                        },
                        "meta": {},
                        "tainted": false
                    },
                    "deposed": [],
                    "provider": ""
                },
                "aws_volume_attachment.upena_wal_i5_av2": {
                    "type": "aws_volume_attachment",
                    "depends_on": [
                        "aws_ebs_volume.upena_wal_i5_v2",
                        "aws_instance.upena_wal_i5"
                    ],
                    "primary": {
                        "id": "vai-2251060668",
                        "attributes": {
                            "device_name": "/dev/sdf",
                            "force_detach": "true",
                            "id": "vai-2251060668",
                            "instance_id": "i-068391a726fe3f087",
                            "volume_id": "vol-0fd3393ae9a7a6e04"
                        },
                        "meta": {},
                        "tainted": false
                    },
                    "deposed": [],
                    "provider": ""
                },
                "aws_volume_attachment.upena_wal_i5_av3": {
                    "type": "aws_volume_attachment",
                    "depends_on": [
                        "aws_ebs_volume.upena_wal_i5_v3",
                        "aws_instance.upena_wal_i5"
                    ],
                    "primary": {
                        "id": "vai-597123200",
                        "attributes": {
                            "device_name": "/dev/sdg",
                            "force_detach": "true",
                            "id": "vai-597123200",
                            "instance_id": "i-068391a726fe3f087",
                            "volume_id": "vol-0f12d6e5ee85b8e3f"
                        },
                        "meta": {},
                        "tainted": false
                    },
                    "deposed": [],
                    "provider": ""
                },
                "aws_volume_attachment.upena_wal_i6_av0": {
                    "type": "aws_volume_attachment",
                    "depends_on": [
                        "aws_ebs_volume.upena_wal_i6_v0",
                        "aws_instance.upena_wal_i6"
                    ],
                    "primary": {
                        "id": "vai-2066049914",
                        "attributes": {
                            "device_name": "/dev/sdd",
                            "force_detach": "true",
                            "id": "vai-2066049914",
                            "instance_id": "i-08ad5f28b471375e2",
                            "volume_id": "vol-042f54a6fe887eaff"
                        },
                        "meta": {},
                        "tainted": false
                    },
                    "deposed": [],
                    "provider": ""
                },
                "aws_volume_attachment.upena_wal_i6_av1": {
                    "type": "aws_volume_attachment",
                    "depends_on": [
                        "aws_ebs_volume.upena_wal_i6_v1",
                        "aws_instance.upena_wal_i6"
                    ],
                    "primary": {
                        "id": "vai-2680883587",
                        "attributes": {
                            "device_name": "/dev/sde",
                            "force_detach": "true",
                            "id": "vai-2680883587",
                            "instance_id": "i-08ad5f28b471375e2",
                            "volume_id": "vol-068daed9fa0f9c82d"
                        },
                        "meta": {},
                        "tainted": false
                    },
                    "deposed": [],
                    "provider": ""
                },
                "aws_volume_attachment.upena_wal_i6_av2": {
                    "type": "aws_volume_attachment",
                    "depends_on": [
                        "aws_ebs_volume.upena_wal_i6_v2",
                        "aws_instance.upena_wal_i6"
                    ],
                    "primary": {
                        "id": "vai-3825291257",
                        "attributes": {
                            "device_name": "/dev/sdf",
                            "force_detach": "true",
                            "id": "vai-3825291257",
                            "instance_id": "i-08ad5f28b471375e2",
                            "volume_id": "vol-0027e363826d880e0"
                        },
                        "meta": {},
                        "tainted": false
                    },
                    "deposed": [],
                    "provider": ""
                },
                "aws_volume_attachment.upena_wal_i6_av3": {
                    "type": "aws_volume_attachment",
                    "depends_on": [
                        "aws_ebs_volume.upena_wal_i6_v3",
                        "aws_instance.upena_wal_i6"
                    ],
                    "primary": {
                        "id": "vai-1187973272",
                        "attributes": {
                            "device_name": "/dev/sdg",
                            "force_detach": "true",
                            "id": "vai-1187973272",
                            "instance_id": "i-08ad5f28b471375e2",
                            "volume_id": "vol-06f5d535413a273ed"
                        },
                        "meta": {},
                        "tainted": false
                    },
                    "deposed": [],
                    "provider": ""
                },
                "aws_volume_attachment.upena_wal_i7_av0": {
                    "type": "aws_volume_attachment",
                    "depends_on": [
                        "aws_ebs_volume.upena_wal_i7_v0",
                        "aws_instance.upena_wal_i7"
                    ],
                    "primary": {
                        "id": "vai-4140516722",
                        "attributes": {
                            "device_name": "/dev/sdd",
                            "force_detach": "true",
                            "id": "vai-4140516722",
                            "instance_id": "i-0307e6c65835751fd",
                            "volume_id": "vol-085c58ebe9e604132"
                        },
                        "meta": {},
                        "tainted": false
                    },
                    "deposed": [],
                    "provider": ""
                },
                "aws_volume_attachment.upena_wal_i7_av1": {
                    "type": "aws_volume_attachment",
                    "depends_on": [
                        "aws_ebs_volume.upena_wal_i7_v1",
                        "aws_instance.upena_wal_i7"
                    ],
                    "primary": {
                        "id": "vai-2370016017",
                        "attributes": {
                            "device_name": "/dev/sde",
                            "force_detach": "true",
                            "id": "vai-2370016017",
                            "instance_id": "i-0307e6c65835751fd",
                            "volume_id": "vol-0449f96e125964fa3"
                        },
                        "meta": {},
                        "tainted": false
                    },
                    "deposed": [],
                    "provider": ""
                },
                "aws_volume_attachment.upena_wal_i7_av2": {
                    "type": "aws_volume_attachment",
                    "depends_on": [
                        "aws_ebs_volume.upena_wal_i7_v2",
                        "aws_instance.upena_wal_i7"
                    ],
                    "primary": {
                        "id": "vai-4041707714",
                        "attributes": {
                            "device_name": "/dev/sdf",
                            "force_detach": "true",
                            "id": "vai-4041707714",
                            "instance_id": "i-0307e6c65835751fd",
                            "volume_id": "vol-05d08018c77b969c2"
                        },
                        "meta": {},
                        "tainted": false
                    },
                    "deposed": [],
                    "provider": ""
                },
                "aws_volume_attachment.upena_wal_i7_av3": {
                    "type": "aws_volume_attachment",
                    "depends_on": [
                        "aws_ebs_volume.upena_wal_i7_v3",
                        "aws_instance.upena_wal_i7"
                    ],
                    "primary": {
                        "id": "vai-721294134",
                        "attributes": {
                            "device_name": "/dev/sdg",
                            "force_detach": "true",
                            "id": "vai-721294134",
                            "instance_id": "i-0307e6c65835751fd",
                            "volume_id": "vol-050be45b1d325d8bf"
                        },
                        "meta": {},
                        "tainted": false
                    },
                    "deposed": [],
                    "provider": ""
                },
                "aws_volume_attachment.upena_wal_i8_av0": {
                    "type": "aws_volume_attachment",
                    "depends_on": [
                        "aws_ebs_volume.upena_wal_i8_v0",
                        "aws_instance.upena_wal_i8"
                    ],
                    "primary": {
                        "id": "vai-3792921576",
                        "attributes": {
                            "device_name": "/dev/sdd",
                            "force_detach": "true",
                            "id": "vai-3792921576",
                            "instance_id": "i-02f3c0ad56ba8ff23",
                            "volume_id": "vol-054e5841225a47b53"
                        },
                        "meta": {},
                        "tainted": false
                    },
                    "deposed": [],
                    "provider": ""
                },
                "aws_volume_attachment.upena_wal_i8_av1": {
                    "type": "aws_volume_attachment",
                    "depends_on": [
                        "aws_ebs_volume.upena_wal_i8_v1",
                        "aws_instance.upena_wal_i8"
                    ],
                    "primary": {
                        "id": "vai-281571114",
                        "attributes": {
                            "device_name": "/dev/sde",
                            "force_detach": "true",
                            "id": "vai-281571114",
                            "instance_id": "i-02f3c0ad56ba8ff23",
                            "volume_id": "vol-0c2f24e958315b26d"
                        },
                        "meta": {},
                        "tainted": false
                    },
                    "deposed": [],
                    "provider": ""
                },
                "aws_volume_attachment.upena_wal_i8_av2": {
                    "type": "aws_volume_attachment",
                    "depends_on": [
                        "aws_ebs_volume.upena_wal_i8_v2",
                        "aws_instance.upena_wal_i8"
                    ],
                    "primary": {
                        "id": "vai-4018300899",
                        "attributes": {
                            "device_name": "/dev/sdf",
                            "force_detach": "true",
                            "id": "vai-4018300899",
                            "instance_id": "i-02f3c0ad56ba8ff23",
                            "volume_id": "vol-0289a6ff28a9400dc"
                        },
                        "meta": {},
                        "tainted": false
                    },
                    "deposed": [],
                    "provider": ""
                },
                "aws_volume_attachment.upena_wal_i8_av3": {
                    "type": "aws_volume_attachment",
                    "depends_on": [
                        "aws_ebs_volume.upena_wal_i8_v3",
                        "aws_instance.upena_wal_i8"
                    ],
                    "primary": {
                        "id": "vai-2161812821",
                        "attributes": {
                            "device_name": "/dev/sdg",
                            "force_detach": "true",
                            "id": "vai-2161812821",
                            "instance_id": "i-02f3c0ad56ba8ff23",
                            "volume_id": "vol-0481e20dadb2fbac9"
                        },
                        "meta": {},
                        "tainted": false
                    },
                    "deposed": [],
                    "provider": ""
                },
                "aws_volume_attachment.upena_wal_i9_av0": {
                    "type": "aws_volume_attachment",
                    "depends_on": [
                        "aws_ebs_volume.upena_wal_i9_v0",
                        "aws_instance.upena_wal_i9"
                    ],
                    "primary": {
                        "id": "vai-552902707",
                        "attributes": {
                            "device_name": "/dev/sdd",
                            "force_detach": "true",
                            "id": "vai-552902707",
                            "instance_id": "i-09f686ce8235daf71",
                            "volume_id": "vol-026304c39d5d15c10"
                        },
                        "meta": {},
                        "tainted": false
                    },
                    "deposed": [],
                    "provider": ""
                },
                "aws_volume_attachment.upena_wal_i9_av1": {
                    "type": "aws_volume_attachment",
                    "depends_on": [
                        "aws_ebs_volume.upena_wal_i9_v1",
                        "aws_instance.upena_wal_i9"
                    ],
                    "primary": {
                        "id": "vai-3846642204",
                        "attributes": {
                            "device_name": "/dev/sde",
                            "force_detach": "true",
                            "id": "vai-3846642204",
                            "instance_id": "i-09f686ce8235daf71",
                            "volume_id": "vol-09952715242e563e8"
                        },
                        "meta": {},
                        "tainted": false
                    },
                    "deposed": [],
                    "provider": ""
                },
                "aws_volume_attachment.upena_wal_i9_av2": {
                    "type": "aws_volume_attachment",
                    "depends_on": [
                        "aws_ebs_volume.upena_wal_i9_v2",
                        "aws_instance.upena_wal_i9"
                    ],
                    "primary": {
                        "id": "vai-2006884877",
                        "attributes": {
                            "device_name": "/dev/sdf",
                            "force_detach": "true",
                            "id": "vai-2006884877",
                            "instance_id": "i-09f686ce8235daf71",
                            "volume_id": "vol-026d6ac15a2634c92"
                        },
                        "meta": {},
                        "tainted": false
                    },
                    "deposed": [],
                    "provider": ""
                },
                "aws_volume_attachment.upena_wal_i9_av3": {
                    "type": "aws_volume_attachment",
                    "depends_on": [
                        "aws_ebs_volume.upena_wal_i9_v3",
                        "aws_instance.upena_wal_i9"
                    ],
                    "primary": {
                        "id": "vai-2612641055",
                        "attributes": {
                            "device_name": "/dev/sdg",
                            "force_detach": "true",
                            "id": "vai-2612641055",
                            "instance_id": "i-09f686ce8235daf71",
                            "volume_id": "vol-007f2bbdaa897d3f8"
                        },
                        "meta": {},
                        "tainted": false
                    },
                    "deposed": [],
                    "provider": ""
                }
            },
            "depends_on": []
        }
    ]
}
