{
    "version": 3,
    "terraform_version": "0.9.4",
    "serial": 8,
    "lineage": "e3da6d36-b6c3-4e07-9aca-46484108f4c1",
    "modules": [
        {
            "path": [
                "root"
            ],
            "outputs": {},
            "resources": {
                "aws_autoscaling_group.k8s_etcd_asg.0": {
                    "type": "aws_autoscaling_group",
                    "depends_on": [
                        "aws_eip.k8s_etcd_eip.*",
                        "aws_launch_configuration.k8s_etcd",
                        "data.aws_subnet.natdc.*",
                        "null_resource.k8s_cluster"
                    ],
                    "primary": {
                        "id": "pipeline-jcx-k8s-etcd-asg1",
                        "attributes": {
                            "arn": "arn:aws:autoscaling:us-east-1:811034720611:autoScalingGroup:dd2f9a9b-7044-4c80-b324-0e099794a69a:autoScalingGroupName/pipeline-jcx-k8s-etcd-asg1",
                            "availability_zones.#": "1",
                            "availability_zones.3569565595": "us-east-1a",
                            "default_cooldown": "300",
                            "desired_capacity": "1",
                            "force_delete": "false",
                            "health_check_grace_period": "300",
                            "health_check_type": "EC2",
                            "id": "pipeline-jcx-k8s-etcd-asg1",
                            "launch_configuration": "terraform-00dab6009d067ff5b5bbca97d2",
                            "load_balancers.#": "0",
                            "max_size": "1",
                            "metrics_granularity": "1Minute",
                            "min_size": "1",
                            "name": "pipeline-jcx-k8s-etcd-asg1",
                            "placement_group": "",
                            "protect_from_scale_in": "false",
                            "suspended_processes.#": "0",
                            "tag.#": "10",
                            "tag.1213565674.key": "Etcd_ip",
                            "tag.1213565674.propagate_at_launch": "true",
                            "tag.1213565674.value": "10.125.97.124",
                            "tag.2529000289.key": "Pipeline_phase",
                            "tag.2529000289.propagate_at_launch": "true",
                            "tag.2529000289.value": "pipeline-jcx",
                            "tag.2546153148.key": "Jive_service",
                            "tag.2546153148.propagate_at_launch": "true",
                            "tag.2546153148.value": "us-east-1_jive-microservices-pipeline-jcx",
                            "tag.2651257388.key": "Region",
                            "tag.2651257388.propagate_at_launch": "true",
                            "tag.2651257388.value": "us-east-1",
                            "tag.3187119633.key": "Service_component",
                            "tag.3187119633.propagate_at_launch": "true",
                            "tag.3187119633.value": "etcd",
                            "tag.3260890610.key": "KubernetesCluster",
                            "tag.3260890610.propagate_at_launch": "true",
                            "tag.3260890610.value": "us-east-1_jive-microservices-pipeline-jcx",
                            "tag.3550500222.key": "Name",
                            "tag.3550500222.propagate_at_launch": "true",
                            "tag.3550500222.value": "pipeline-jcx-k8s-etcd-instance",
                            "tag.3767096825.key": "SLA",
                            "tag.3767096825.propagate_at_launch": "true",
                            "tag.3767096825.value": "non-prod",
                            "tag.4184791416.key": "Hostname",
                            "tag.4184791416.propagate_at_launch": "true",
                            "tag.4184791416.value": "us-east-1_jive-microservices-pipeline-jcx-etcd1",
                            "tag.646083840.key": "K8s_cluster",
                            "tag.646083840.propagate_at_launch": "true",
                            "tag.646083840.value": "us-east-1_jive-microservices-pipeline-jcx",
                            "target_group_arns.#": "0",
                            "termination_policies.#": "0",
                            "vpc_zone_identifier.#": "1",
                            "vpc_zone_identifier.168075180": "subnet-ee2bca8a",
                            "wait_for_capacity_timeout": "10m"
                        },
                        "meta": {},
                        "tainted": false
                    },
                    "deposed": [],
                    "provider": ""
                },
                "aws_autoscaling_group.k8s_etcd_asg.1": {
                    "type": "aws_autoscaling_group",
                    "depends_on": [
                        "aws_eip.k8s_etcd_eip.*",
                        "aws_launch_configuration.k8s_etcd",
                        "data.aws_subnet.natdc.*",
                        "null_resource.k8s_cluster"
                    ],
                    "primary": {
                        "id": "pipeline-jcx-k8s-etcd-asg2",
                        "attributes": {
                            "arn": "arn:aws:autoscaling:us-east-1:811034720611:autoScalingGroup:55e2f11d-70c2-4663-9dc2-95e19a28dfd8:autoScalingGroupName/pipeline-jcx-k8s-etcd-asg2",
                            "availability_zones.#": "1",
                            "availability_zones.1305112097": "us-east-1b",
                            "default_cooldown": "300",
                            "desired_capacity": "1",
                            "force_delete": "false",
                            "health_check_grace_period": "300",
                            "health_check_type": "EC2",
                            "id": "pipeline-jcx-k8s-etcd-asg2",
                            "launch_configuration": "terraform-00dab6009d067ff5b5bbca97d2",
                            "load_balancers.#": "0",
                            "max_size": "1",
                            "metrics_granularity": "1Minute",
                            "min_size": "1",
                            "name": "pipeline-jcx-k8s-etcd-asg2",
                            "placement_group": "",
                            "protect_from_scale_in": "false",
                            "suspended_processes.#": "0",
                            "tag.#": "10",
                            "tag.1899088181.key": "Etcd_ip",
                            "tag.1899088181.propagate_at_launch": "true",
                            "tag.1899088181.value": "10.125.99.159",
                            "tag.2529000289.key": "Pipeline_phase",
                            "tag.2529000289.propagate_at_launch": "true",
                            "tag.2529000289.value": "pipeline-jcx",
                            "tag.2546153148.key": "Jive_service",
                            "tag.2546153148.propagate_at_launch": "true",
                            "tag.2546153148.value": "us-east-1_jive-microservices-pipeline-jcx",
                            "tag.2651257388.key": "Region",
                            "tag.2651257388.propagate_at_launch": "true",
                            "tag.2651257388.value": "us-east-1",
                            "tag.3187119633.key": "Service_component",
                            "tag.3187119633.propagate_at_launch": "true",
                            "tag.3187119633.value": "etcd",
                            "tag.3260890610.key": "KubernetesCluster",
                            "tag.3260890610.propagate_at_launch": "true",
                            "tag.3260890610.value": "us-east-1_jive-microservices-pipeline-jcx",
                            "tag.3364275173.key": "Hostname",
                            "tag.3364275173.propagate_at_launch": "true",
                            "tag.3364275173.value": "us-east-1_jive-microservices-pipeline-jcx-etcd2",
                            "tag.3550500222.key": "Name",
                            "tag.3550500222.propagate_at_launch": "true",
                            "tag.3550500222.value": "pipeline-jcx-k8s-etcd-instance",
                            "tag.3767096825.key": "SLA",
                            "tag.3767096825.propagate_at_launch": "true",
                            "tag.3767096825.value": "non-prod",
                            "tag.646083840.key": "K8s_cluster",
                            "tag.646083840.propagate_at_launch": "true",
                            "tag.646083840.value": "us-east-1_jive-microservices-pipeline-jcx",
                            "target_group_arns.#": "0",
                            "termination_policies.#": "0",
                            "vpc_zone_identifier.#": "1",
                            "vpc_zone_identifier.2306772827": "subnet-e7bd2ecb",
                            "wait_for_capacity_timeout": "10m"
                        },
                        "meta": {},
                        "tainted": false
                    },
                    "deposed": [],
                    "provider": ""
                },
                "aws_autoscaling_group.k8s_etcd_asg.2": {
                    "type": "aws_autoscaling_group",
                    "depends_on": [
                        "aws_eip.k8s_etcd_eip.*",
                        "aws_launch_configuration.k8s_etcd",
                        "data.aws_subnet.natdc.*",
                        "null_resource.k8s_cluster"
                    ],
                    "primary": {
                        "id": "pipeline-jcx-k8s-etcd-asg3",
                        "attributes": {
                            "arn": "arn:aws:autoscaling:us-east-1:811034720611:autoScalingGroup:8817c7b5-8bbd-45cb-a1b1-c7383f15d653:autoScalingGroupName/pipeline-jcx-k8s-etcd-asg3",
                            "availability_zones.#": "1",
                            "availability_zones.986537655": "us-east-1c",
                            "default_cooldown": "300",
                            "desired_capacity": "1",
                            "force_delete": "false",
                            "health_check_grace_period": "300",
                            "health_check_type": "EC2",
                            "id": "pipeline-jcx-k8s-etcd-asg3",
                            "launch_configuration": "terraform-00dab6009d067ff5b5bbca97d2",
                            "load_balancers.#": "0",
                            "max_size": "1",
                            "metrics_granularity": "1Minute",
                            "min_size": "1",
                            "name": "pipeline-jcx-k8s-etcd-asg3",
                            "placement_group": "",
                            "protect_from_scale_in": "false",
                            "suspended_processes.#": "0",
                            "tag.#": "10",
                            "tag.1861339217.key": "Hostname",
                            "tag.1861339217.propagate_at_launch": "true",
                            "tag.1861339217.value": "us-east-1_jive-microservices-pipeline-jcx-etcd3",
                            "tag.2203291174.key": "Etcd_ip",
                            "tag.2203291174.propagate_at_launch": "true",
                            "tag.2203291174.value": "10.125.101.63",
                            "tag.2529000289.key": "Pipeline_phase",
                            "tag.2529000289.propagate_at_launch": "true",
                            "tag.2529000289.value": "pipeline-jcx",
                            "tag.2546153148.key": "Jive_service",
                            "tag.2546153148.propagate_at_launch": "true",
                            "tag.2546153148.value": "us-east-1_jive-microservices-pipeline-jcx",
                            "tag.2651257388.key": "Region",
                            "tag.2651257388.propagate_at_launch": "true",
                            "tag.2651257388.value": "us-east-1",
                            "tag.3187119633.key": "Service_component",
                            "tag.3187119633.propagate_at_launch": "true",
                            "tag.3187119633.value": "etcd",
                            "tag.3260890610.key": "KubernetesCluster",
                            "tag.3260890610.propagate_at_launch": "true",
                            "tag.3260890610.value": "us-east-1_jive-microservices-pipeline-jcx",
                            "tag.3550500222.key": "Name",
                            "tag.3550500222.propagate_at_launch": "true",
                            "tag.3550500222.value": "pipeline-jcx-k8s-etcd-instance",
                            "tag.3767096825.key": "SLA",
                            "tag.3767096825.propagate_at_launch": "true",
                            "tag.3767096825.value": "non-prod",
                            "tag.646083840.key": "K8s_cluster",
                            "tag.646083840.propagate_at_launch": "true",
                            "tag.646083840.value": "us-east-1_jive-microservices-pipeline-jcx",
                            "target_group_arns.#": "0",
                            "termination_policies.#": "0",
                            "vpc_zone_identifier.#": "1",
                            "vpc_zone_identifier.3440567388": "subnet-d4377d9c",
                            "wait_for_capacity_timeout": "10m"
                        },
                        "meta": {},
                        "tainted": false
                    },
                    "deposed": [],
                    "provider": ""
                },
                "aws_autoscaling_group.k8s_etcd_asg.3": {
                    "type": "aws_autoscaling_group",
                    "depends_on": [
                        "aws_eip.k8s_etcd_eip.*",
                        "aws_launch_configuration.k8s_etcd",
                        "data.aws_subnet.natdc.*",
                        "null_resource.k8s_cluster"
                    ],
                    "primary": {
                        "id": "pipeline-jcx-k8s-etcd-asg4",
                        "attributes": {
                            "arn": "arn:aws:autoscaling:us-east-1:811034720611:autoScalingGroup:a77a667c-4a3d-439f-9af9-0b8cb2872a39:autoScalingGroupName/pipeline-jcx-k8s-etcd-asg4",
                            "availability_zones.#": "1",
                            "availability_zones.2762590996": "us-east-1d",
                            "default_cooldown": "300",
                            "desired_capacity": "1",
                            "force_delete": "false",
                            "health_check_grace_period": "300",
                            "health_check_type": "EC2",
                            "id": "pipeline-jcx-k8s-etcd-asg4",
                            "launch_configuration": "terraform-00dab6009d067ff5b5bbca97d2",
                            "load_balancers.#": "0",
                            "max_size": "1",
                            "metrics_granularity": "1Minute",
                            "min_size": "1",
                            "name": "pipeline-jcx-k8s-etcd-asg4",
                            "placement_group": "",
                            "protect_from_scale_in": "false",
                            "suspended_processes.#": "0",
                            "tag.#": "10",
                            "tag.2061779992.key": "Etcd_ip",
                            "tag.2061779992.propagate_at_launch": "true",
                            "tag.2061779992.value": "10.125.103.70",
                            "tag.2529000289.key": "Pipeline_phase",
                            "tag.2529000289.propagate_at_launch": "true",
                            "tag.2529000289.value": "pipeline-jcx",
                            "tag.2546153148.key": "Jive_service",
                            "tag.2546153148.propagate_at_launch": "true",
                            "tag.2546153148.value": "us-east-1_jive-microservices-pipeline-jcx",
                            "tag.2651257388.key": "Region",
                            "tag.2651257388.propagate_at_launch": "true",
                            "tag.2651257388.value": "us-east-1",
                            "tag.2874603231.key": "Hostname",
                            "tag.2874603231.propagate_at_launch": "true",
                            "tag.2874603231.value": "us-east-1_jive-microservices-pipeline-jcx-etcd4",
                            "tag.3187119633.key": "Service_component",
                            "tag.3187119633.propagate_at_launch": "true",
                            "tag.3187119633.value": "etcd",
                            "tag.3260890610.key": "KubernetesCluster",
                            "tag.3260890610.propagate_at_launch": "true",
                            "tag.3260890610.value": "us-east-1_jive-microservices-pipeline-jcx",
                            "tag.3550500222.key": "Name",
                            "tag.3550500222.propagate_at_launch": "true",
                            "tag.3550500222.value": "pipeline-jcx-k8s-etcd-instance",
                            "tag.3767096825.key": "SLA",
                            "tag.3767096825.propagate_at_launch": "true",
                            "tag.3767096825.value": "non-prod",
                            "tag.646083840.key": "K8s_cluster",
                            "tag.646083840.propagate_at_launch": "true",
                            "tag.646083840.value": "us-east-1_jive-microservices-pipeline-jcx",
                            "target_group_arns.#": "0",
                            "termination_policies.#": "0",
                            "vpc_zone_identifier.#": "1",
                            "vpc_zone_identifier.731843601": "subnet-466ae11c",
                            "wait_for_capacity_timeout": "10m"
                        },
                        "meta": {},
                        "tainted": false
                    },
                    "deposed": [],
                    "provider": ""
                },
                "aws_autoscaling_group.k8s_etcd_asg.4": {
                    "type": "aws_autoscaling_group",
                    "depends_on": [
                        "aws_eip.k8s_etcd_eip.*",
                        "aws_launch_configuration.k8s_etcd",
                        "data.aws_subnet.natdc.*",
                        "null_resource.k8s_cluster"
                    ],
                    "primary": {
                        "id": "pipeline-jcx-k8s-etcd-asg5",
                        "attributes": {
                            "arn": "arn:aws:autoscaling:us-east-1:811034720611:autoScalingGroup:ff06b6de-3db4-4375-9348-2ad8de1f1415:autoScalingGroupName/pipeline-jcx-k8s-etcd-asg5",
                            "availability_zones.#": "1",
                            "availability_zones.3551460226": "us-east-1e",
                            "default_cooldown": "300",
                            "desired_capacity": "1",
                            "force_delete": "false",
                            "health_check_grace_period": "300",
                            "health_check_type": "EC2",
                            "id": "pipeline-jcx-k8s-etcd-asg5",
                            "launch_configuration": "terraform-00dab6009d067ff5b5bbca97d2",
                            "load_balancers.#": "0",
                            "max_size": "1",
                            "metrics_granularity": "1Minute",
                            "min_size": "1",
                            "name": "pipeline-jcx-k8s-etcd-asg5",
                            "placement_group": "",
                            "protect_from_scale_in": "false",
                            "suspended_processes.#": "0",
                            "tag.#": "10",
                            "tag.220331371.key": "Hostname",
                            "tag.220331371.propagate_at_launch": "true",
                            "tag.220331371.value": "us-east-1_jive-microservices-pipeline-jcx-etcd5",
                            "tag.2529000289.key": "Pipeline_phase",
                            "tag.2529000289.propagate_at_launch": "true",
                            "tag.2529000289.value": "pipeline-jcx",
                            "tag.2546153148.key": "Jive_service",
                            "tag.2546153148.propagate_at_launch": "true",
                            "tag.2546153148.value": "us-east-1_jive-microservices-pipeline-jcx",
                            "tag.2651257388.key": "Region",
                            "tag.2651257388.propagate_at_launch": "true",
                            "tag.2651257388.value": "us-east-1",
                            "tag.2892402837.key": "Etcd_ip",
                            "tag.2892402837.propagate_at_launch": "true",
                            "tag.2892402837.value": "10.125.104.176",
                            "tag.3187119633.key": "Service_component",
                            "tag.3187119633.propagate_at_launch": "true",
                            "tag.3187119633.value": "etcd",
                            "tag.3260890610.key": "KubernetesCluster",
                            "tag.3260890610.propagate_at_launch": "true",
                            "tag.3260890610.value": "us-east-1_jive-microservices-pipeline-jcx",
                            "tag.3550500222.key": "Name",
                            "tag.3550500222.propagate_at_launch": "true",
                            "tag.3550500222.value": "pipeline-jcx-k8s-etcd-instance",
                            "tag.3767096825.key": "SLA",
                            "tag.3767096825.propagate_at_launch": "true",
                            "tag.3767096825.value": "non-prod",
                            "tag.646083840.key": "K8s_cluster",
                            "tag.646083840.propagate_at_launch": "true",
                            "tag.646083840.value": "us-east-1_jive-microservices-pipeline-jcx",
                            "target_group_arns.#": "0",
                            "termination_policies.#": "0",
                            "vpc_zone_identifier.#": "1",
                            "vpc_zone_identifier.3938236844": "subnet-1a101326",
                            "wait_for_capacity_timeout": "10m"
                        },
                        "meta": {},
                        "tainted": false
                    },
                    "deposed": [],
                    "provider": ""
                },
                "aws_autoscaling_group.k8s_master": {
                    "type": "aws_autoscaling_group",
                    "depends_on": [
                        "aws_elb.k8s_master",
                        "aws_launch_configuration.k8s_master",
                        "null_resource.k8s_cluster"
                    ],
                    "primary": {
                        "id": "pipeline-jcx-k8s-master-asg1",
                        "attributes": {
                            "arn": "arn:aws:autoscaling:us-east-1:811034720611:autoScalingGroup:cc975b65-eae1-419d-a4ee-9f9ae85a7903:autoScalingGroupName/pipeline-jcx-k8s-master-asg1",
                            "availability_zones.#": "1",
                            "availability_zones.3569565595": "us-east-1a",
                            "default_cooldown": "300",
                            "desired_capacity": "1",
                            "force_delete": "false",
                            "health_check_grace_period": "300",
                            "health_check_type": "EC2",
                            "id": "pipeline-jcx-k8s-master-asg1",
                            "launch_configuration": "terraform-00dab6009d067ff5b5bbca97d1",
                            "load_balancers.#": "1",
                            "load_balancers.4217079403": "pipeline-jcx-k8s-master-elb",
                            "max_size": "1",
                            "metrics_granularity": "1Minute",
                            "min_size": "1",
                            "name": "pipeline-jcx-k8s-master-asg1",
                            "placement_group": "",
                            "protect_from_scale_in": "false",
                            "suspended_processes.#": "0",
                            "tag.#": "9",
                            "tag.2529000289.key": "Pipeline_phase",
                            "tag.2529000289.propagate_at_launch": "true",
                            "tag.2529000289.value": "pipeline-jcx",
                            "tag.2546153148.key": "Jive_service",
                            "tag.2546153148.propagate_at_launch": "true",
                            "tag.2546153148.value": "us-east-1_jive-microservices-pipeline-jcx",
                            "tag.2581042520.key": "Hostname",
                            "tag.2581042520.propagate_at_launch": "true",
                            "tag.2581042520.value": "us-east-1_jive-microservices-pipeline-jcx-master1",
                            "tag.2651257388.key": "Region",
                            "tag.2651257388.propagate_at_launch": "true",
                            "tag.2651257388.value": "us-east-1",
                            "tag.3116370667.key": "Service_component",
                            "tag.3116370667.propagate_at_launch": "true",
                            "tag.3116370667.value": "k8s-master",
                            "tag.3260890610.key": "KubernetesCluster",
                            "tag.3260890610.propagate_at_launch": "true",
                            "tag.3260890610.value": "us-east-1_jive-microservices-pipeline-jcx",
                            "tag.3767096825.key": "SLA",
                            "tag.3767096825.propagate_at_launch": "true",
                            "tag.3767096825.value": "non-prod",
                            "tag.646083840.key": "K8s_cluster",
                            "tag.646083840.propagate_at_launch": "true",
                            "tag.646083840.value": "us-east-1_jive-microservices-pipeline-jcx",
                            "tag.992119558.key": "Name",
                            "tag.992119558.propagate_at_launch": "true",
                            "tag.992119558.value": "pipeline-jcx-k8s-master-instance",
                            "target_group_arns.#": "0",
                            "termination_policies.#": "0",
                            "vpc_zone_identifier.#": "1",
                            "vpc_zone_identifier.168075180": "subnet-ee2bca8a",
                            "wait_for_capacity_timeout": "10m"
                        },
                        "meta": {},
                        "tainted": false
                    },
                    "deposed": [],
                    "provider": ""
                },
                "aws_autoscaling_group.k8s_worker_asg.0": {
                    "type": "aws_autoscaling_group",
                    "depends_on": [
                        "aws_launch_configuration.k8s_worker",
                        "null_resource.k8s_cluster"
                    ],
                    "primary": {
                        "id": "pipeline-jcx-k8s-worker-asg1",
                        "attributes": {
                            "arn": "arn:aws:autoscaling:us-east-1:811034720611:autoScalingGroup:6540532e-0802-482a-93ff-0f645ff5ca17:autoScalingGroupName/pipeline-jcx-k8s-worker-asg1",
                            "availability_zones.#": "1",
                            "availability_zones.3569565595": "us-east-1a",
                            "default_cooldown": "300",
                            "desired_capacity": "2",
                            "force_delete": "false",
                            "health_check_grace_period": "300",
                            "health_check_type": "EC2",
                            "id": "pipeline-jcx-k8s-worker-asg1",
                            "launch_configuration": "terraform-007a43e71702034ca61600240f",
                            "load_balancers.#": "0",
                            "max_size": "2",
                            "metrics_granularity": "1Minute",
                            "min_size": "2",
                            "name": "pipeline-jcx-k8s-worker-asg1",
                            "placement_group": "",
                            "protect_from_scale_in": "false",
                            "suspended_processes.#": "0",
                            "tag.#": "9",
                            "tag.2157698622.key": "Hostname",
                            "tag.2157698622.propagate_at_launch": "true",
                            "tag.2157698622.value": "k8s-node1",
                            "tag.228639812.key": "Service_component",
                            "tag.228639812.propagate_at_launch": "true",
                            "tag.228639812.value": "k8s-node",
                            "tag.2529000289.key": "Pipeline_phase",
                            "tag.2529000289.propagate_at_launch": "true",
                            "tag.2529000289.value": "pipeline-jcx",
                            "tag.2546153148.key": "Jive_service",
                            "tag.2546153148.propagate_at_launch": "true",
                            "tag.2546153148.value": "us-east-1_jive-microservices-pipeline-jcx",
                            "tag.2651257388.key": "Region",
                            "tag.2651257388.propagate_at_launch": "true",
                            "tag.2651257388.value": "us-east-1",
                            "tag.2805375662.key": "Name",
                            "tag.2805375662.propagate_at_launch": "true",
                            "tag.2805375662.value": "pipeline-jcx-k8s-worker-instance",
                            "tag.3260890610.key": "KubernetesCluster",
                            "tag.3260890610.propagate_at_launch": "true",
                            "tag.3260890610.value": "us-east-1_jive-microservices-pipeline-jcx",
                            "tag.3767096825.key": "SLA",
                            "tag.3767096825.propagate_at_launch": "true",
                            "tag.3767096825.value": "non-prod",
                            "tag.646083840.key": "K8s_cluster",
                            "tag.646083840.propagate_at_launch": "true",
                            "tag.646083840.value": "us-east-1_jive-microservices-pipeline-jcx",
                            "target_group_arns.#": "0",
                            "termination_policies.#": "0",
                            "vpc_zone_identifier.#": "1",
                            "vpc_zone_identifier.168075180": "subnet-ee2bca8a",
                            "wait_for_capacity_timeout": "10m"
                        },
                        "meta": {},
                        "tainted": false
                    },
                    "deposed": [],
                    "provider": ""
                },
                "aws_autoscaling_group.k8s_worker_asg.1": {
                    "type": "aws_autoscaling_group",
                    "depends_on": [
                        "aws_launch_configuration.k8s_worker",
                        "null_resource.k8s_cluster"
                    ],
                    "primary": {
                        "id": "pipeline-jcx-k8s-worker-asg2",
                        "attributes": {
                            "arn": "arn:aws:autoscaling:us-east-1:811034720611:autoScalingGroup:f6bd3948-723d-497a-80dd-3ff4b7ff39d7:autoScalingGroupName/pipeline-jcx-k8s-worker-asg2",
                            "availability_zones.#": "1",
                            "availability_zones.1305112097": "us-east-1b",
                            "default_cooldown": "300",
                            "desired_capacity": "2",
                            "force_delete": "false",
                            "health_check_grace_period": "300",
                            "health_check_type": "EC2",
                            "id": "pipeline-jcx-k8s-worker-asg2",
                            "launch_configuration": "terraform-007a43e71702034ca61600240f",
                            "load_balancers.#": "0",
                            "max_size": "2",
                            "metrics_granularity": "1Minute",
                            "min_size": "2",
                            "name": "pipeline-jcx-k8s-worker-asg2",
                            "placement_group": "",
                            "protect_from_scale_in": "false",
                            "suspended_processes.#": "0",
                            "tag.#": "9",
                            "tag.228639812.key": "Service_component",
                            "tag.228639812.propagate_at_launch": "true",
                            "tag.228639812.value": "k8s-node",
                            "tag.2529000289.key": "Pipeline_phase",
                            "tag.2529000289.propagate_at_launch": "true",
                            "tag.2529000289.value": "pipeline-jcx",
                            "tag.2546153148.key": "Jive_service",
                            "tag.2546153148.propagate_at_launch": "true",
                            "tag.2546153148.value": "us-east-1_jive-microservices-pipeline-jcx",
                            "tag.2651257388.key": "Region",
                            "tag.2651257388.propagate_at_launch": "true",
                            "tag.2651257388.value": "us-east-1",
                            "tag.2805375662.key": "Name",
                            "tag.2805375662.propagate_at_launch": "true",
                            "tag.2805375662.value": "pipeline-jcx-k8s-worker-instance",
                            "tag.2977154211.key": "Hostname",
                            "tag.2977154211.propagate_at_launch": "true",
                            "tag.2977154211.value": "k8s-node2",
                            "tag.3260890610.key": "KubernetesCluster",
                            "tag.3260890610.propagate_at_launch": "true",
                            "tag.3260890610.value": "us-east-1_jive-microservices-pipeline-jcx",
                            "tag.3767096825.key": "SLA",
                            "tag.3767096825.propagate_at_launch": "true",
                            "tag.3767096825.value": "non-prod",
                            "tag.646083840.key": "K8s_cluster",
                            "tag.646083840.propagate_at_launch": "true",
                            "tag.646083840.value": "us-east-1_jive-microservices-pipeline-jcx",
                            "target_group_arns.#": "0",
                            "termination_policies.#": "0",
                            "vpc_zone_identifier.#": "1",
                            "vpc_zone_identifier.2306772827": "subnet-e7bd2ecb",
                            "wait_for_capacity_timeout": "10m"
                        },
                        "meta": {},
                        "tainted": false
                    },
                    "deposed": [],
                    "provider": ""
                },
                "aws_autoscaling_group.k8s_worker_asg.2": {
                    "type": "aws_autoscaling_group",
                    "depends_on": [
                        "aws_launch_configuration.k8s_worker",
                        "null_resource.k8s_cluster"
                    ],
                    "primary": {
                        "id": "pipeline-jcx-k8s-worker-asg3",
                        "attributes": {
                            "arn": "arn:aws:autoscaling:us-east-1:811034720611:autoScalingGroup:8d62137e-d35d-4fbd-9f16-5d409f2380a2:autoScalingGroupName/pipeline-jcx-k8s-worker-asg3",
                            "availability_zones.#": "1",
                            "availability_zones.986537655": "us-east-1c",
                            "default_cooldown": "300",
                            "desired_capacity": "2",
                            "force_delete": "false",
                            "health_check_grace_period": "300",
                            "health_check_type": "EC2",
                            "id": "pipeline-jcx-k8s-worker-asg3",
                            "launch_configuration": "terraform-007a43e71702034ca61600240f",
                            "load_balancers.#": "0",
                            "max_size": "2",
                            "metrics_granularity": "1Minute",
                            "min_size": "2",
                            "name": "pipeline-jcx-k8s-worker-asg3",
                            "placement_group": "",
                            "protect_from_scale_in": "false",
                            "suspended_processes.#": "0",
                            "tag.#": "9",
                            "tag.228639812.key": "Service_component",
                            "tag.228639812.propagate_at_launch": "true",
                            "tag.228639812.value": "k8s-node",
                            "tag.2529000289.key": "Pipeline_phase",
                            "tag.2529000289.propagate_at_launch": "true",
                            "tag.2529000289.value": "pipeline-jcx",
                            "tag.2546153148.key": "Jive_service",
                            "tag.2546153148.propagate_at_launch": "true",
                            "tag.2546153148.value": "us-east-1_jive-microservices-pipeline-jcx",
                            "tag.2651257388.key": "Region",
                            "tag.2651257388.propagate_at_launch": "true",
                            "tag.2651257388.value": "us-east-1",
                            "tag.2805375662.key": "Name",
                            "tag.2805375662.propagate_at_launch": "true",
                            "tag.2805375662.value": "pipeline-jcx-k8s-worker-instance",
                            "tag.3260890610.key": "KubernetesCluster",
                            "tag.3260890610.propagate_at_launch": "true",
                            "tag.3260890610.value": "us-east-1_jive-microservices-pipeline-jcx",
                            "tag.3767096825.key": "SLA",
                            "tag.3767096825.propagate_at_launch": "true",
                            "tag.3767096825.value": "non-prod",
                            "tag.386191127.key": "Hostname",
                            "tag.386191127.propagate_at_launch": "true",
                            "tag.386191127.value": "k8s-node3",
                            "tag.646083840.key": "K8s_cluster",
                            "tag.646083840.propagate_at_launch": "true",
                            "tag.646083840.value": "us-east-1_jive-microservices-pipeline-jcx",
                            "target_group_arns.#": "0",
                            "termination_policies.#": "0",
                            "vpc_zone_identifier.#": "1",
                            "vpc_zone_identifier.3440567388": "subnet-d4377d9c",
                            "wait_for_capacity_timeout": "10m"
                        },
                        "meta": {},
                        "tainted": false
                    },
                    "deposed": [],
                    "provider": ""
                },
                "aws_autoscaling_group.k8s_worker_asg.3": {
                    "type": "aws_autoscaling_group",
                    "depends_on": [
                        "aws_launch_configuration.k8s_worker",
                        "null_resource.k8s_cluster"
                    ],
                    "primary": {
                        "id": "pipeline-jcx-k8s-worker-asg4",
                        "attributes": {
                            "arn": "arn:aws:autoscaling:us-east-1:811034720611:autoScalingGroup:d7b8a4c2-a629-4adf-bbdf-7023fc417f86:autoScalingGroupName/pipeline-jcx-k8s-worker-asg4",
                            "availability_zones.#": "1",
                            "availability_zones.2762590996": "us-east-1d",
                            "default_cooldown": "300",
                            "desired_capacity": "2",
                            "force_delete": "false",
                            "health_check_grace_period": "300",
                            "health_check_type": "EC2",
                            "id": "pipeline-jcx-k8s-worker-asg4",
                            "launch_configuration": "terraform-007a43e71702034ca61600240f",
                            "load_balancers.#": "0",
                            "max_size": "2",
                            "metrics_granularity": "1Minute",
                            "min_size": "2",
                            "name": "pipeline-jcx-k8s-worker-asg4",
                            "placement_group": "",
                            "protect_from_scale_in": "false",
                            "suspended_processes.#": "0",
                            "tag.#": "9",
                            "tag.228639812.key": "Service_component",
                            "tag.228639812.propagate_at_launch": "true",
                            "tag.228639812.value": "k8s-node",
                            "tag.2529000289.key": "Pipeline_phase",
                            "tag.2529000289.propagate_at_launch": "true",
                            "tag.2529000289.value": "pipeline-jcx",
                            "tag.2546153148.key": "Jive_service",
                            "tag.2546153148.propagate_at_launch": "true",
                            "tag.2546153148.value": "us-east-1_jive-microservices-pipeline-jcx",
                            "tag.2651257388.key": "Region",
                            "tag.2651257388.propagate_at_launch": "true",
                            "tag.2651257388.value": "us-east-1",
                            "tag.2805375662.key": "Name",
                            "tag.2805375662.propagate_at_launch": "true",
                            "tag.2805375662.value": "pipeline-jcx-k8s-worker-instance",
                            "tag.3260890610.key": "KubernetesCluster",
                            "tag.3260890610.propagate_at_launch": "true",
                            "tag.3260890610.value": "us-east-1_jive-microservices-pipeline-jcx",
                            "tag.3533959577.key": "Hostname",
                            "tag.3533959577.propagate_at_launch": "true",
                            "tag.3533959577.value": "k8s-node4",
                            "tag.3767096825.key": "SLA",
                            "tag.3767096825.propagate_at_launch": "true",
                            "tag.3767096825.value": "non-prod",
                            "tag.646083840.key": "K8s_cluster",
                            "tag.646083840.propagate_at_launch": "true",
                            "tag.646083840.value": "us-east-1_jive-microservices-pipeline-jcx",
                            "target_group_arns.#": "0",
                            "termination_policies.#": "0",
                            "vpc_zone_identifier.#": "1",
                            "vpc_zone_identifier.731843601": "subnet-466ae11c",
                            "wait_for_capacity_timeout": "10m"
                        },
                        "meta": {},
                        "tainted": false
                    },
                    "deposed": [],
                    "provider": ""
                },
                "aws_autoscaling_group.k8s_worker_asg.4": {
                    "type": "aws_autoscaling_group",
                    "depends_on": [
                        "aws_launch_configuration.k8s_worker",
                        "null_resource.k8s_cluster"
                    ],
                    "primary": {
                        "id": "pipeline-jcx-k8s-worker-asg5",
                        "attributes": {
                            "arn": "arn:aws:autoscaling:us-east-1:811034720611:autoScalingGroup:2f9488b3-ca43-4af1-83fc-3d62143d5df9:autoScalingGroupName/pipeline-jcx-k8s-worker-asg5",
                            "availability_zones.#": "1",
                            "availability_zones.3551460226": "us-east-1e",
                            "default_cooldown": "300",
                            "desired_capacity": "2",
                            "force_delete": "false",
                            "health_check_grace_period": "300",
                            "health_check_type": "EC2",
                            "id": "pipeline-jcx-k8s-worker-asg5",
                            "launch_configuration": "terraform-007a43e71702034ca61600240f",
                            "load_balancers.#": "0",
                            "max_size": "2",
                            "metrics_granularity": "1Minute",
                            "min_size": "2",
                            "name": "pipeline-jcx-k8s-worker-asg5",
                            "placement_group": "",
                            "protect_from_scale_in": "false",
                            "suspended_processes.#": "0",
                            "tag.#": "9",
                            "tag.1960114733.key": "Hostname",
                            "tag.1960114733.propagate_at_launch": "true",
                            "tag.1960114733.value": "k8s-node5",
                            "tag.228639812.key": "Service_component",
                            "tag.228639812.propagate_at_launch": "true",
                            "tag.228639812.value": "k8s-node",
                            "tag.2529000289.key": "Pipeline_phase",
                            "tag.2529000289.propagate_at_launch": "true",
                            "tag.2529000289.value": "pipeline-jcx",
                            "tag.2546153148.key": "Jive_service",
                            "tag.2546153148.propagate_at_launch": "true",
                            "tag.2546153148.value": "us-east-1_jive-microservices-pipeline-jcx",
                            "tag.2651257388.key": "Region",
                            "tag.2651257388.propagate_at_launch": "true",
                            "tag.2651257388.value": "us-east-1",
                            "tag.2805375662.key": "Name",
                            "tag.2805375662.propagate_at_launch": "true",
                            "tag.2805375662.value": "pipeline-jcx-k8s-worker-instance",
                            "tag.3260890610.key": "KubernetesCluster",
                            "tag.3260890610.propagate_at_launch": "true",
                            "tag.3260890610.value": "us-east-1_jive-microservices-pipeline-jcx",
                            "tag.3767096825.key": "SLA",
                            "tag.3767096825.propagate_at_launch": "true",
                            "tag.3767096825.value": "non-prod",
                            "tag.646083840.key": "K8s_cluster",
                            "tag.646083840.propagate_at_launch": "true",
                            "tag.646083840.value": "us-east-1_jive-microservices-pipeline-jcx",
                            "target_group_arns.#": "0",
                            "termination_policies.#": "0",
                            "vpc_zone_identifier.#": "1",
                            "vpc_zone_identifier.3938236844": "subnet-1a101326",
                            "wait_for_capacity_timeout": "10m"
                        },
                        "meta": {},
                        "tainted": false
                    },
                    "deposed": [],
                    "provider": ""
                },
                "aws_ebs_volume.k8s_etcd_ebs.0": {
                    "type": "aws_ebs_volume",
                    "depends_on": [
                        "data.aws_availability_zones.available",
                        "null_resource.k8s_cluster"
                    ],
                    "primary": {
                        "id": "vol-0c392ce2325a74859",
                        "attributes": {
                            "availability_zone": "us-east-1a",
                            "encrypted": "true",
                            "id": "vol-0c392ce2325a74859",
                            "kms_key_id": "arn:aws:kms:us-east-1:811034720611:key/cee24010-c10b-4278-a879-24a04a2d325c",
                            "size": "20",
                            "snapshot_id": "",
                            "tags.%": "7",
                            "tags.Hostname": "us-east-1_jive-microservices-pipeline-jcx-etcd1",
                            "tags.Jive_service": "us-east-1_jive-microservices-pipeline-jcx",
                            "tags.Name": "pipeline-jcx-k8s_etcd-instance",
                            "tags.Pipeline_phase": "pipeline-jcx",
                            "tags.Region": "us-east-1",
                            "tags.SLA": "non-prod",
                            "tags.Service_component": "etcd",
                            "type": "gp2"
                        },
                        "meta": {},
                        "tainted": false
                    },
                    "deposed": [],
                    "provider": ""
                },
                "aws_ebs_volume.k8s_etcd_ebs.1": {
                    "type": "aws_ebs_volume",
                    "depends_on": [
                        "data.aws_availability_zones.available",
                        "null_resource.k8s_cluster"
                    ],
                    "primary": {
                        "id": "vol-02b38823a184b7afd",
                        "attributes": {
                            "availability_zone": "us-east-1b",
                            "encrypted": "true",
                            "id": "vol-02b38823a184b7afd",
                            "kms_key_id": "arn:aws:kms:us-east-1:811034720611:key/cee24010-c10b-4278-a879-24a04a2d325c",
                            "size": "20",
                            "snapshot_id": "",
                            "tags.%": "7",
                            "tags.Hostname": "us-east-1_jive-microservices-pipeline-jcx-etcd2",
                            "tags.Jive_service": "us-east-1_jive-microservices-pipeline-jcx",
                            "tags.Name": "pipeline-jcx-k8s_etcd-instance",
                            "tags.Pipeline_phase": "pipeline-jcx",
                            "tags.Region": "us-east-1",
                            "tags.SLA": "non-prod",
                            "tags.Service_component": "etcd",
                            "type": "gp2"
                        },
                        "meta": {},
                        "tainted": false
                    },
                    "deposed": [],
                    "provider": ""
                },
                "aws_ebs_volume.k8s_etcd_ebs.2": {
                    "type": "aws_ebs_volume",
                    "depends_on": [
                        "data.aws_availability_zones.available",
                        "null_resource.k8s_cluster"
                    ],
                    "primary": {
                        "id": "vol-0afc5f0dfbfd0a1c2",
                        "attributes": {
                            "availability_zone": "us-east-1c",
                            "encrypted": "true",
                            "id": "vol-0afc5f0dfbfd0a1c2",
                            "kms_key_id": "arn:aws:kms:us-east-1:811034720611:key/cee24010-c10b-4278-a879-24a04a2d325c",
                            "size": "20",
                            "snapshot_id": "",
                            "tags.%": "7",
                            "tags.Hostname": "us-east-1_jive-microservices-pipeline-jcx-etcd3",
                            "tags.Jive_service": "us-east-1_jive-microservices-pipeline-jcx",
                            "tags.Name": "pipeline-jcx-k8s_etcd-instance",
                            "tags.Pipeline_phase": "pipeline-jcx",
                            "tags.Region": "us-east-1",
                            "tags.SLA": "non-prod",
                            "tags.Service_component": "etcd",
                            "type": "gp2"
                        },
                        "meta": {},
                        "tainted": false
                    },
                    "deposed": [],
                    "provider": ""
                },
                "aws_ebs_volume.k8s_etcd_ebs.3": {
                    "type": "aws_ebs_volume",
                    "depends_on": [
                        "data.aws_availability_zones.available",
                        "null_resource.k8s_cluster"
                    ],
                    "primary": {
                        "id": "vol-01fdd7a76ff525f40",
                        "attributes": {
                            "availability_zone": "us-east-1d",
                            "encrypted": "true",
                            "id": "vol-01fdd7a76ff525f40",
                            "kms_key_id": "arn:aws:kms:us-east-1:811034720611:key/cee24010-c10b-4278-a879-24a04a2d325c",
                            "size": "20",
                            "snapshot_id": "",
                            "tags.%": "7",
                            "tags.Hostname": "us-east-1_jive-microservices-pipeline-jcx-etcd4",
                            "tags.Jive_service": "us-east-1_jive-microservices-pipeline-jcx",
                            "tags.Name": "pipeline-jcx-k8s_etcd-instance",
                            "tags.Pipeline_phase": "pipeline-jcx",
                            "tags.Region": "us-east-1",
                            "tags.SLA": "non-prod",
                            "tags.Service_component": "etcd",
                            "type": "gp2"
                        },
                        "meta": {},
                        "tainted": false
                    },
                    "deposed": [],
                    "provider": ""
                },
                "aws_ebs_volume.k8s_etcd_ebs.4": {
                    "type": "aws_ebs_volume",
                    "depends_on": [
                        "data.aws_availability_zones.available",
                        "null_resource.k8s_cluster"
                    ],
                    "primary": {
                        "id": "vol-088c6b9e20a6314ea",
                        "attributes": {
                            "availability_zone": "us-east-1e",
                            "encrypted": "true",
                            "id": "vol-088c6b9e20a6314ea",
                            "kms_key_id": "arn:aws:kms:us-east-1:811034720611:key/cee24010-c10b-4278-a879-24a04a2d325c",
                            "size": "20",
                            "snapshot_id": "",
                            "tags.%": "7",
                            "tags.Hostname": "us-east-1_jive-microservices-pipeline-jcx-etcd5",
                            "tags.Jive_service": "us-east-1_jive-microservices-pipeline-jcx",
                            "tags.Name": "pipeline-jcx-k8s_etcd-instance",
                            "tags.Pipeline_phase": "pipeline-jcx",
                            "tags.Region": "us-east-1",
                            "tags.SLA": "non-prod",
                            "tags.Service_component": "etcd",
                            "type": "gp2"
                        },
                        "meta": {},
                        "tainted": false
                    },
                    "deposed": [],
                    "provider": ""
                },
                "aws_ebs_volume.k8s_master": {
                    "type": "aws_ebs_volume",
                    "depends_on": [
                        "null_resource.k8s_cluster"
                    ],
                    "primary": {
                        "id": "vol-06c4c8fa478f4ef45",
                        "attributes": {
                            "availability_zone": "us-east-1a",
                            "encrypted": "true",
                            "id": "vol-06c4c8fa478f4ef45",
                            "kms_key_id": "arn:aws:kms:us-east-1:811034720611:key/cee24010-c10b-4278-a879-24a04a2d325c",
                            "size": "100",
                            "snapshot_id": "",
                            "tags.%": "7",
                            "tags.Hostname": "us-east-1_jive-microservices-pipeline-jcx-master1",
                            "tags.Jive_service": "us-east-1_jive-microservices-pipeline-jcx",
                            "tags.Name": "pipeline-jcx-k8s_master-instance",
                            "tags.Pipeline_phase": "pipeline-jcx",
                            "tags.Region": "us-east-1",
                            "tags.SLA": "non-prod",
                            "tags.Service_component": "k8s-master",
                            "type": "gp2"
                        },
                        "meta": {},
                        "tainted": false
                    },
                    "deposed": [],
                    "provider": ""
                },
                "aws_eip.k8s_etcd_eip.0": {
                    "type": "aws_eip",
                    "depends_on": [
                        "aws_network_interface.k8s_etcd.*"
                    ],
                    "primary": {
                        "id": "eipalloc-4e96ed7d",
                        "attributes": {
                            "association_id": "eipassoc-e1e27ad4",
                            "domain": "vpc",
                            "id": "eipalloc-4e96ed7d",
                            "instance": "i-0c2ea21463779f8d6",
                            "network_interface": "eni-6dd5b37a",
                            "private_ip": "10.125.97.124",
                            "public_ip": "34.231.46.249",
                            "vpc": "true"
                        },
                        "meta": {},
                        "tainted": false
                    },
                    "deposed": [],
                    "provider": ""
                },
                "aws_eip.k8s_etcd_eip.1": {
                    "type": "aws_eip",
                    "depends_on": [
                        "aws_network_interface.k8s_etcd.*"
                    ],
                    "primary": {
                        "id": "eipalloc-b18bf082",
                        "attributes": {
                            "association_id": "eipassoc-22ef7717",
                            "domain": "vpc",
                            "id": "eipalloc-b18bf082",
                            "instance": "i-0767b8deb450ab683",
                            "network_interface": "eni-a9330d07",
                            "private_ip": "10.125.99.159",
                            "public_ip": "34.232.27.162",
                            "vpc": "true"
                        },
                        "meta": {},
                        "tainted": false
                    },
                    "deposed": [],
                    "provider": ""
                },
                "aws_eip.k8s_etcd_eip.2": {
                    "type": "aws_eip",
                    "depends_on": [
                        "aws_network_interface.k8s_etcd.*"
                    ],
                    "primary": {
                        "id": "eipalloc-9d8af1ae",
                        "attributes": {
                            "association_id": "eipassoc-45e57d70",
                            "domain": "vpc",
                            "id": "eipalloc-9d8af1ae",
                            "instance": "i-052a0af39a33d4899",
                            "network_interface": "eni-e2379a37",
                            "private_ip": "10.125.101.63",
                            "public_ip": "34.206.180.89",
                            "vpc": "true"
                        },
                        "meta": {},
                        "tainted": false
                    },
                    "deposed": [],
                    "provider": ""
                },
                "aws_eip.k8s_etcd_eip.3": {
                    "type": "aws_eip",
                    "depends_on": [
                        "aws_network_interface.k8s_etcd.*"
                    ],
                    "primary": {
                        "id": "eipalloc-ad95ee9e",
                        "attributes": {
                            "association_id": "eipassoc-60e17955",
                            "domain": "vpc",
                            "id": "eipalloc-ad95ee9e",
                            "instance": "i-0bd71ad0cb70d3e73",
                            "network_interface": "eni-b870b913",
                            "private_ip": "10.125.103.70",
                            "public_ip": "52.201.204.154",
                            "vpc": "true"
                        },
                        "meta": {},
                        "tainted": false
                    },
                    "deposed": [],
                    "provider": ""
                },
                "aws_eip.k8s_etcd_eip.4": {
                    "type": "aws_eip",
                    "depends_on": [
                        "aws_network_interface.k8s_etcd.*"
                    ],
                    "primary": {
                        "id": "eipalloc-5994ef6a",
                        "attributes": {
                            "association_id": "eipassoc-6de27a58",
                            "domain": "vpc",
                            "id": "eipalloc-5994ef6a",
                            "instance": "i-0025139f6173c43b6",
                            "network_interface": "eni-491f7a49",
                            "private_ip": "10.125.104.176",
                            "public_ip": "34.232.86.35",
                            "vpc": "true"
                        },
                        "meta": {},
                        "tainted": false
                    },
                    "deposed": [],
                    "provider": ""
                },
                "aws_eip.k8s_master_eip": {
                    "type": "aws_eip",
                    "depends_on": [],
                    "primary": {
                        "id": "eipalloc-ec96eddf",
                        "attributes": {
                            "association_id": "",
                            "domain": "vpc",
                            "id": "eipalloc-ec96eddf",
                            "instance": "",
                            "network_interface": "",
                            "private_ip": "",
                            "public_ip": "34.232.201.219",
                            "vpc": "true"
                        },
                        "meta": {},
                        "tainted": false
                    },
                    "deposed": [],
                    "provider": ""
                },
                "aws_elb.k8s_master": {
                    "type": "aws_elb",
                    "depends_on": [
                        "aws_security_group.k8s_master_instance",
                        "null_resource.k8s_cluster"
                    ],
                    "primary": {
                        "id": "pipeline-jcx-k8s-master-elb",
                        "attributes": {
                            "access_logs.#": "0",
                            "availability_zones.#": "1",
                            "availability_zones.3569565595": "us-east-1a",
                            "connection_draining": "false",
                            "connection_draining_timeout": "300",
                            "cross_zone_load_balancing": "true",
                            "dns_name": "internal-pipeline-jcx-k8s-master-elb-1319957065.us-east-1.elb.amazonaws.com",
                            "health_check.#": "1",
                            "health_check.0.healthy_threshold": "2",
                            "health_check.0.interval": "30",
                            "health_check.0.target": "TCP:443",
                            "health_check.0.timeout": "3",
                            "health_check.0.unhealthy_threshold": "2",
                            "id": "pipeline-jcx-k8s-master-elb",
                            "idle_timeout": "1800",
                            "instances.#": "1",
                            "instances.832304470": "i-087670c8563403a78",
                            "internal": "true",
                            "listener.#": "1",
                            "listener.610193557.instance_port": "443",
                            "listener.610193557.instance_protocol": "tcp",
                            "listener.610193557.lb_port": "443",
                            "listener.610193557.lb_protocol": "tcp",
                            "listener.610193557.ssl_certificate_id": "",
                            "name": "pipeline-jcx-k8s-master-elb",
                            "security_groups.#": "2",
                            "security_groups.205450441": "sg-c5642eb4",
                            "security_groups.621029888": "sg-77689507",
                            "source_security_group": "811034720611/pipeline-jcx-instance",
                            "source_security_group_id": "sg-c5642eb4",
                            "subnets.#": "1",
                            "subnets.168075180": "subnet-ee2bca8a",
                            "tags.%": "7",
                            "tags.Hostname": "us-east-1_jive-microservices-pipeline-jcx-master1",
                            "tags.Jive_service": "us-east-1_jive-microservices-pipeline-jcx",
                            "tags.Name": "pipeline-jcx-k8s_master-elb",
                            "tags.Pipeline_phase": "pipeline-jcx",
                            "tags.Region": "us-east-1",
                            "tags.SLA": "non-prod",
                            "tags.Service_component": "k8s-master",
                            "zone_id": "Z35SXDOTRQ7X7K"
                        },
                        "meta": {},
                        "tainted": false
                    },
                    "deposed": [],
                    "provider": ""
                },
                "aws_iam_instance_profile.k8s-master": {
                    "type": "aws_iam_instance_profile",
                    "depends_on": [
                        "aws_iam_role.k8s-master",
                        "null_resource.k8s_cluster"
                    ],
                    "primary": {
                        "id": "us-east-1_jive-microservices-pipeline-jcx-k8s-master-profile",
                        "attributes": {
                            "arn": "arn:aws:iam::811034720611:instance-profile/us-east-1_jive-microservices-pipeline-jcx-k8s-master-profile",
                            "id": "us-east-1_jive-microservices-pipeline-jcx-k8s-master-profile",
                            "name": "us-east-1_jive-microservices-pipeline-jcx-k8s-master-profile",
                            "path": "/",
                            "role": "us-east-1_jive-microservices-pipeline-jcx-master-role",
                            "roles.#": "1",
                            "roles.2342288568": "us-east-1_jive-microservices-pipeline-jcx-master-role",
                            "unique_id": "AIPAJR6DXQZ7IADD7AVRQ"
                        },
                        "meta": {},
                        "tainted": false
                    },
                    "deposed": [],
                    "provider": ""
                },
                "aws_iam_instance_profile.k8s-node": {
                    "type": "aws_iam_instance_profile",
                    "depends_on": [
                        "aws_iam_role.k8s-node",
                        "null_resource.k8s_cluster"
                    ],
                    "primary": {
                        "id": "us-east-1_jive-microservices-pipeline-jcx-k8s-node-profile",
                        "attributes": {
                            "arn": "arn:aws:iam::811034720611:instance-profile/us-east-1_jive-microservices-pipeline-jcx-k8s-node-profile",
                            "id": "us-east-1_jive-microservices-pipeline-jcx-k8s-node-profile",
                            "name": "us-east-1_jive-microservices-pipeline-jcx-k8s-node-profile",
                            "path": "/",
                            "role": "us-east-1_jive-microservices-pipeline-jcx-node-role",
                            "roles.#": "1",
                            "roles.3394905563": "us-east-1_jive-microservices-pipeline-jcx-node-role",
                            "unique_id": "AIPAICQOHIDFHT6XP7FL6"
                        },
                        "meta": {},
                        "tainted": false
                    },
                    "deposed": [],
                    "provider": ""
                },
                "aws_iam_role.k8s-master": {
                    "type": "aws_iam_role",
                    "depends_on": [
                        "null_resource.k8s_cluster"
                    ],
                    "primary": {
                        "id": "us-east-1_jive-microservices-pipeline-jcx-master-role",
                        "attributes": {
                            "arn": "arn:aws:iam::811034720611:role/us-east-1_jive-microservices-pipeline-jcx-master-role",
                            "assume_role_policy": "{\"Version\":\"2012-10-17\",\"Statement\":[{\"Sid\":\"\",\"Effect\":\"Allow\",\"Principal\":{\"Service\":\"ec2.amazonaws.com\"},\"Action\":\"sts:AssumeRole\"}]}",
                            "create_date": "2017-08-07T17:27:13Z",
                            "id": "us-east-1_jive-microservices-pipeline-jcx-master-role",
                            "name": "us-east-1_jive-microservices-pipeline-jcx-master-role",
                            "path": "/",
                            "unique_id": "AROAJURAFUUX53PUSQ2NI"
                        },
                        "meta": {},
                        "tainted": false
                    },
                    "deposed": [],
                    "provider": ""
                },
                "aws_iam_role.k8s-node": {
                    "type": "aws_iam_role",
                    "depends_on": [
                        "null_resource.k8s_cluster"
                    ],
                    "primary": {
                        "id": "us-east-1_jive-microservices-pipeline-jcx-node-role",
                        "attributes": {
                            "arn": "arn:aws:iam::811034720611:role/us-east-1_jive-microservices-pipeline-jcx-node-role",
                            "assume_role_policy": "{\"Version\":\"2012-10-17\",\"Statement\":[{\"Sid\":\"\",\"Effect\":\"Allow\",\"Principal\":{\"Service\":\"ec2.amazonaws.com\"},\"Action\":\"sts:AssumeRole\"}]}",
                            "create_date": "2017-08-07T17:27:13Z",
                            "id": "us-east-1_jive-microservices-pipeline-jcx-node-role",
                            "name": "us-east-1_jive-microservices-pipeline-jcx-node-role",
                            "path": "/",
                            "unique_id": "AROAIOWNCZ7MTTKK75BCC"
                        },
                        "meta": {},
                        "tainted": false
                    },
                    "deposed": [],
                    "provider": ""
                },
                "aws_iam_role_policy.k8s-master": {
                    "type": "aws_iam_role_policy",
                    "depends_on": [
                        "aws_iam_role.k8s-master",
                        "null_resource.k8s_cluster"
                    ],
                    "primary": {
                        "id": "us-east-1_jive-microservices-pipeline-jcx-master-role:us-east-1_jive-microservices-pipeline-jcx-master-policy",
                        "attributes": {
                            "id": "us-east-1_jive-microservices-pipeline-jcx-master-role:us-east-1_jive-microservices-pipeline-jcx-master-policy",
                            "name": "us-east-1_jive-microservices-pipeline-jcx-master-policy",
                            "policy": "{\n    \"Version\": \"2012-10-17\",\n    \"Statement\": [\n        {\n            \"Effect\": \"Allow\",\n            \"Action\": [\"ec2:*\"],\n            \"Resource\": [\"*\"]\n        },\n        {\n            \"Effect\": \"Allow\",\n            \"Action\": [\"elasticloadbalancing:*\"],\n            \"Resource\": [\"*\"]\n        },\n        {\n            \"Effect\": \"Allow\",\n            \"Action\": [\n                \"ec2:Describe*\",\n                \"ec2:AttachVolume\",\n                \"ec2:DetachVolume\",\n                \"route53:ListHostedZones\",\n                \"route53:ListResourceRecordSets\",\n                \"rds:Describe*\",\n                \"elasticache:Describe*\",\n                \"s3:GetObject\",\n                \"s3:PutObject\",\n                \"s3:ListAllMyBuckets\",\n                \"s3:ListBucket\",\n                \"s3:GetBucketLocation\"\n            ],\n            \"Resource\": \"*\"\n        }\n    ]\n}\n",
                            "role": "us-east-1_jive-microservices-pipeline-jcx-master-role"
                        },
                        "meta": {},
                        "tainted": false
                    },
                    "deposed": [],
                    "provider": ""
                },
                "aws_iam_role_policy.k8s-node": {
                    "type": "aws_iam_role_policy",
                    "depends_on": [
                        "aws_iam_role.k8s-node",
                        "null_resource.k8s_cluster"
                    ],
                    "primary": {
                        "id": "us-east-1_jive-microservices-pipeline-jcx-node-role:us-east-1_jive-microservices-pipeline-jcx-node-policy",
                        "attributes": {
                            "id": "us-east-1_jive-microservices-pipeline-jcx-node-role:us-east-1_jive-microservices-pipeline-jcx-node-policy",
                            "name": "us-east-1_jive-microservices-pipeline-jcx-node-policy",
                            "policy": "{\n    \"Version\": \"2012-10-17\",\n    \"Statement\": [\n        {\n            \"Effect\": \"Allow\",\n            \"Action\": [\n                \"ec2:Describe*\",\n                \"ec2:AttachVolume\",\n                \"ec2:DetachVolume\",\n                \"ec2:AttachNetworkInterface\",\n                \"ec2:DetachNetworkInterface\",\n                \"route53:ListHostedZones\",\n                \"route53:ListResourceRecordSets\",\n                \"rds:Describe*\",\n                \"elasticache:Describe*\",\n                \"s3:GetObject\",\n                \"s3:ListAllMyBuckets\",\n                \"s3:ListBucket\",\n                \"s3:PutObject\",\n                \"s3:CreateBucket\",\n                \"s3:GetBucketLocation\"\n            ],\n            \"Resource\": \"*\"\n        }\n    ]\n}\n",
                            "role": "us-east-1_jive-microservices-pipeline-jcx-node-role"
                        },
                        "meta": {},
                        "tainted": false
                    },
                    "deposed": [],
                    "provider": ""
                },
                "aws_launch_configuration.k8s_etcd": {
                    "type": "aws_launch_configuration",
                    "depends_on": [],
                    "primary": {
                        "id": "terraform-00dab6009d067ff5b5bbca97d2",
                        "attributes": {
                            "associate_public_ip_address": "false",
                            "ebs_block_device.#": "0",
                            "ebs_optimized": "false",
                            "enable_monitoring": "true",
                            "ephemeral_block_device.#": "0",
                            "iam_instance_profile": "us-east-1_jive-microservices-pipeline-jcx-k8s-node-profile",
                            "id": "terraform-00dab6009d067ff5b5bbca97d2",
                            "image_id": "ami-61659e77",
                            "instance_type": "t2.medium",
                            "key_name": "plops-ms-pipeline-jcx-k8s",
                            "name": "terraform-00dab6009d067ff5b5bbca97d2",
                            "root_block_device.#": "1",
                            "root_block_device.0.delete_on_termination": "true",
                            "root_block_device.0.iops": "0",
                            "root_block_device.0.volume_size": "20",
                            "root_block_device.0.volume_type": "gp2",
                            "security_groups.#": "2",
                            "security_groups.205450441": "sg-c5642eb4",
                            "security_groups.4211852606": "sg-db6499ab",
                            "spot_price": "",
                            "user_data": "cabb501eebccde8cd9384708e3a67de44fc448dd",
                            "vpc_classic_link_id": "",
                            "vpc_classic_link_security_groups.#": "0"
                        },
                        "meta": {},
                        "tainted": false
                    },
                    "deposed": [],
                    "provider": ""
                },
                "aws_launch_configuration.k8s_master": {
                    "type": "aws_launch_configuration",
                    "depends_on": [],
                    "primary": {
                        "id": "terraform-00dab6009d067ff5b5bbca97d1",
                        "attributes": {
                            "associate_public_ip_address": "false",
                            "ebs_block_device.#": "0",
                            "ebs_optimized": "false",
                            "enable_monitoring": "true",
                            "ephemeral_block_device.#": "0",
                            "iam_instance_profile": "us-east-1_jive-microservices-pipeline-jcx-k8s-master-profile",
                            "id": "terraform-00dab6009d067ff5b5bbca97d1",
                            "image_id": "ami-61659e77",
                            "instance_type": "r4.xlarge",
                            "key_name": "plops-ms-pipeline-jcx-k8s",
                            "name": "terraform-00dab6009d067ff5b5bbca97d1",
                            "root_block_device.#": "1",
                            "root_block_device.0.delete_on_termination": "true",
                            "root_block_device.0.iops": "0",
                            "root_block_device.0.volume_size": "100",
                            "root_block_device.0.volume_type": "gp2",
                            "security_groups.#": "2",
                            "security_groups.205450441": "sg-c5642eb4",
                            "security_groups.621029888": "sg-77689507",
                            "spot_price": "",
                            "user_data": "cabb501eebccde8cd9384708e3a67de44fc448dd",
                            "vpc_classic_link_id": "",
                            "vpc_classic_link_security_groups.#": "0"
                        },
                        "meta": {},
                        "tainted": false
                    },
                    "deposed": [],
                    "provider": ""
                },
                "aws_launch_configuration.k8s_worker": {
                    "type": "aws_launch_configuration",
                    "depends_on": [],
                    "primary": {
                        "id": "terraform-007a43e71702034ca61600240f",
                        "attributes": {
                            "associate_public_ip_address": "false",
                            "ebs_block_device.#": "0",
                            "ebs_optimized": "false",
                            "enable_monitoring": "true",
                            "ephemeral_block_device.#": "0",
                            "iam_instance_profile": "us-east-1_jive-microservices-pipeline-jcx-k8s-node-profile",
                            "id": "terraform-007a43e71702034ca61600240f",
                            "image_id": "ami-61659e77",
                            "instance_type": "m4.16xlarge",
                            "key_name": "plops-ms-pipeline-jcx-k8s",
                            "name": "terraform-007a43e71702034ca61600240f",
                            "root_block_device.#": "1",
                            "root_block_device.0.delete_on_termination": "true",
                            "root_block_device.0.iops": "0",
                            "root_block_device.0.volume_size": "50",
                            "root_block_device.0.volume_type": "gp2",
                            "security_groups.#": "2",
                            "security_groups.1827750123": "sg-b36a97c3",
                            "security_groups.205450441": "sg-c5642eb4",
                            "spot_price": "",
                            "user_data": "cabb501eebccde8cd9384708e3a67de44fc448dd",
                            "vpc_classic_link_id": "",
                            "vpc_classic_link_security_groups.#": "0"
                        },
                        "meta": {},
                        "tainted": false
                    },
                    "deposed": [],
                    "provider": ""
                },
                "aws_network_interface.k8s_etcd.0": {
                    "type": "aws_network_interface",
                    "depends_on": [
                        "aws_security_group.k8s_etcd_instance",
                        "data.aws_subnet.natdc.*",
                        "null_resource.k8s_cluster"
                    ],
                    "primary": {
                        "id": "eni-6dd5b37a",
                        "attributes": {
                            "attachment.#": "1",
                            "attachment.2697646718.attachment_id": "eni-attach-4d6134d5",
                            "attachment.2697646718.device_index": "1",
                            "attachment.2697646718.instance": "i-0c2ea21463779f8d6",
                            "description": "",
                            "id": "eni-6dd5b37a",
                            "private_ip": "10.125.97.124",
                            "private_ips.#": "1",
                            "private_ips.1509243882": "10.125.97.124",
                            "security_groups.#": "2",
                            "security_groups.205450441": "sg-c5642eb4",
                            "security_groups.4211852606": "sg-db6499ab",
                            "source_dest_check": "true",
                            "subnet_id": "subnet-ee2bca8a",
                            "tags.%": "8",
                            "tags.Hostname": "us-east-1_jive-microservices-pipeline-jcx-etcd1",
                            "tags.Jive_service": "us-east-1_jive-microservices-pipeline-jcx",
                            "tags.KubernetesCluster": "us-east-1_jive-microservices-pipeline-jcx",
                            "tags.Name": "pipeline-jcx-k8s-etcd-instance",
                            "tags.Pipeline_phase": "pipeline-jcx",
                            "tags.Region": "us-east-1",
                            "tags.SLA": "non-prod",
                            "tags.Service_component": "k8s-etcd"
                        },
                        "meta": {},
                        "tainted": false
                    },
                    "deposed": [],
                    "provider": ""
                },
                "aws_network_interface.k8s_etcd.1": {
                    "type": "aws_network_interface",
                    "depends_on": [
                        "aws_security_group.k8s_etcd_instance",
                        "data.aws_subnet.natdc.*",
                        "null_resource.k8s_cluster"
                    ],
                    "primary": {
                        "id": "eni-a9330d07",
                        "attributes": {
                            "attachment.#": "1",
                            "attachment.1332840442.attachment_id": "eni-attach-4faad76e",
                            "attachment.1332840442.device_index": "1",
                            "attachment.1332840442.instance": "i-0767b8deb450ab683",
                            "description": "",
                            "id": "eni-a9330d07",
                            "private_ip": "10.125.99.159",
                            "private_ips.#": "1",
                            "private_ips.3610603505": "10.125.99.159",
                            "security_groups.#": "2",
                            "security_groups.205450441": "sg-c5642eb4",
                            "security_groups.4211852606": "sg-db6499ab",
                            "source_dest_check": "true",
                            "subnet_id": "subnet-e7bd2ecb",
                            "tags.%": "8",
                            "tags.Hostname": "us-east-1_jive-microservices-pipeline-jcx-etcd2",
                            "tags.Jive_service": "us-east-1_jive-microservices-pipeline-jcx",
                            "tags.KubernetesCluster": "us-east-1_jive-microservices-pipeline-jcx",
                            "tags.Name": "pipeline-jcx-k8s-etcd-instance",
                            "tags.Pipeline_phase": "pipeline-jcx",
                            "tags.Region": "us-east-1",
                            "tags.SLA": "non-prod",
                            "tags.Service_component": "k8s-etcd"
                        },
                        "meta": {},
                        "tainted": false
                    },
                    "deposed": [],
                    "provider": ""
                },
                "aws_network_interface.k8s_etcd.2": {
                    "type": "aws_network_interface",
                    "depends_on": [
                        "aws_security_group.k8s_etcd_instance",
                        "data.aws_subnet.natdc.*",
                        "null_resource.k8s_cluster"
                    ],
                    "primary": {
                        "id": "eni-e2379a37",
                        "attributes": {
                            "attachment.#": "1",
                            "attachment.855414396.attachment_id": "eni-attach-7a241a9e",
                            "attachment.855414396.device_index": "1",
                            "attachment.855414396.instance": "i-052a0af39a33d4899",
                            "description": "",
                            "id": "eni-e2379a37",
                            "private_ip": "10.125.101.63",
                            "private_ips.#": "1",
                            "private_ips.3800995508": "10.125.101.63",
                            "security_groups.#": "2",
                            "security_groups.205450441": "sg-c5642eb4",
                            "security_groups.4211852606": "sg-db6499ab",
                            "source_dest_check": "true",
                            "subnet_id": "subnet-d4377d9c",
                            "tags.%": "8",
                            "tags.Hostname": "us-east-1_jive-microservices-pipeline-jcx-etcd3",
                            "tags.Jive_service": "us-east-1_jive-microservices-pipeline-jcx",
                            "tags.KubernetesCluster": "us-east-1_jive-microservices-pipeline-jcx",
                            "tags.Name": "pipeline-jcx-k8s-etcd-instance",
                            "tags.Pipeline_phase": "pipeline-jcx",
                            "tags.Region": "us-east-1",
                            "tags.SLA": "non-prod",
                            "tags.Service_component": "k8s-etcd"
                        },
                        "meta": {},
                        "tainted": false
                    },
                    "deposed": [],
                    "provider": ""
                },
                "aws_network_interface.k8s_etcd.3": {
                    "type": "aws_network_interface",
                    "depends_on": [
                        "aws_security_group.k8s_etcd_instance",
                        "data.aws_subnet.natdc.*",
                        "null_resource.k8s_cluster"
                    ],
                    "primary": {
                        "id": "eni-b870b913",
                        "attributes": {
                            "attachment.#": "1",
                            "attachment.2043091946.attachment_id": "eni-attach-e9b357e8",
                            "attachment.2043091946.device_index": "1",
                            "attachment.2043091946.instance": "i-0bd71ad0cb70d3e73",
                            "description": "",
                            "id": "eni-b870b913",
                            "private_ip": "10.125.103.70",
                            "private_ips.#": "1",
                            "private_ips.3365224132": "10.125.103.70",
                            "security_groups.#": "2",
                            "security_groups.205450441": "sg-c5642eb4",
                            "security_groups.4211852606": "sg-db6499ab",
                            "source_dest_check": "true",
                            "subnet_id": "subnet-466ae11c",
                            "tags.%": "8",
                            "tags.Hostname": "us-east-1_jive-microservices-pipeline-jcx-etcd4",
                            "tags.Jive_service": "us-east-1_jive-microservices-pipeline-jcx",
                            "tags.KubernetesCluster": "us-east-1_jive-microservices-pipeline-jcx",
                            "tags.Name": "pipeline-jcx-k8s-etcd-instance",
                            "tags.Pipeline_phase": "pipeline-jcx",
                            "tags.Region": "us-east-1",
                            "tags.SLA": "non-prod",
                            "tags.Service_component": "k8s-etcd"
                        },
                        "meta": {},
                        "tainted": false
                    },
                    "deposed": [],
                    "provider": ""
                },
                "aws_network_interface.k8s_etcd.4": {
                    "type": "aws_network_interface",
                    "depends_on": [
                        "aws_security_group.k8s_etcd_instance",
                        "data.aws_subnet.natdc.*",
                        "null_resource.k8s_cluster"
                    ],
                    "primary": {
                        "id": "eni-491f7a49",
                        "attributes": {
                            "attachment.#": "1",
                            "attachment.2890336962.attachment_id": "eni-attach-99bd437c",
                            "attachment.2890336962.device_index": "1",
                            "attachment.2890336962.instance": "i-0025139f6173c43b6",
                            "description": "",
                            "id": "eni-491f7a49",
                            "private_ip": "10.125.104.176",
                            "private_ips.#": "1",
                            "private_ips.2023088102": "10.125.104.176",
                            "security_groups.#": "2",
                            "security_groups.205450441": "sg-c5642eb4",
                            "security_groups.4211852606": "sg-db6499ab",
                            "source_dest_check": "true",
                            "subnet_id": "subnet-1a101326",
                            "tags.%": "8",
                            "tags.Hostname": "us-east-1_jive-microservices-pipeline-jcx-etcd5",
                            "tags.Jive_service": "us-east-1_jive-microservices-pipeline-jcx",
                            "tags.KubernetesCluster": "us-east-1_jive-microservices-pipeline-jcx",
                            "tags.Name": "pipeline-jcx-k8s-etcd-instance",
                            "tags.Pipeline_phase": "pipeline-jcx",
                            "tags.Region": "us-east-1",
                            "tags.SLA": "non-prod",
                            "tags.Service_component": "k8s-etcd"
                        },
                        "meta": {},
                        "tainted": false
                    },
                    "deposed": [],
                    "provider": ""
                },
                "aws_s3_bucket.logging": {
                    "type": "aws_s3_bucket",
                    "depends_on": [
                        "data.aws_iam_policy_document.logging"
                    ],
                    "primary": {
                        "id": "us-east-1-jive-microservices-pipeline-jcx-logs",
                        "attributes": {
                            "acceleration_status": "",
                            "acl": "private",
                            "arn": "arn:aws:s3:::us-east-1-jive-microservices-pipeline-jcx-logs",
                            "bucket": "us-east-1-jive-microservices-pipeline-jcx-logs",
                            "bucket_domain_name": "us-east-1-jive-microservices-pipeline-jcx-logs.s3.amazonaws.com",
                            "force_destroy": "false",
                            "hosted_zone_id": "Z3AQBSTGFYJSTF",
                            "id": "us-east-1-jive-microservices-pipeline-jcx-logs",
                            "logging.#": "0",
                            "policy": "{\"Statement\":[{\"Action\":\"s3:PutObject\",\"Effect\":\"Allow\",\"Principal\":{\"AWS\":[\"arn:aws:iam::811034720611:role/us-east-1_jive-microservices-pipeline-jcx-node-role\",\"arn:aws:iam::811034720611:role/us-east-1_jive-microservices-pipeline-jcx-master-role\"]},\"Resource\":\"arn:aws:s3:::us-east-1-jive-microservices-pipeline-jcx-logs/*\",\"Sid\":\"Logs\"}],\"Version\":\"2012-10-17\"}",
                            "region": "us-east-1",
                            "request_payer": "BucketOwner",
                            "tags.%": "5",
                            "tags.KubernetesCluster": "us-east-1_jive-microservices-pipeline-jcx",
                            "tags.Name": "us-east-1-jive-microservices-pipeline-jcx-logs",
                            "tags.pipeline_phase": "pipeline-jcx",
                            "tags.region": "us-east-1",
                            "tags.service_component": "logs",
                            "versioning.#": "1",
                            "versioning.0.enabled": "false",
                            "versioning.0.mfa_delete": "false",
                            "website.#": "0"
                        },
                        "meta": {},
                        "tainted": false
                    },
                    "deposed": [],
                    "provider": ""
                },
                "aws_security_group.k8s_etcd_instance": {
                    "type": "aws_security_group",
                    "depends_on": [
                        "aws_security_group.k8s_master_instance",
                        "aws_security_group.k8s_worker_instance",
                        "null_resource.k8s_cluster"
                    ],
                    "primary": {
                        "id": "sg-db6499ab",
                        "attributes": {
                            "description": "Access to K8S etcd nodes",
                            "egress.#": "0",
                            "id": "sg-db6499ab",
                            "ingress.#": "2",
                            "ingress.1377094142.cidr_blocks.#": "0",
                            "ingress.1377094142.from_port": "2379",
                            "ingress.1377094142.ipv6_cidr_blocks.#": "0",
                            "ingress.1377094142.protocol": "tcp",
                            "ingress.1377094142.security_groups.#": "2",
                            "ingress.1377094142.security_groups.1827750123": "sg-b36a97c3",
                            "ingress.1377094142.security_groups.621029888": "sg-77689507",
                            "ingress.1377094142.self": "true",
                            "ingress.1377094142.to_port": "2379",
                            "ingress.1986370404.cidr_blocks.#": "0",
                            "ingress.1986370404.from_port": "2380",
                            "ingress.1986370404.ipv6_cidr_blocks.#": "0",
                            "ingress.1986370404.protocol": "tcp",
                            "ingress.1986370404.security_groups.#": "2",
                            "ingress.1986370404.security_groups.1827750123": "sg-b36a97c3",
                            "ingress.1986370404.security_groups.621029888": "sg-77689507",
                            "ingress.1986370404.self": "true",
                            "ingress.1986370404.to_port": "2380",
                            "name": "us-east-1_jive-microservices-pipeline-jcx-kubernetes-etcd-instance",
                            "owner_id": "811034720611",
                            "tags.%": "6",
                            "tags.Name": "us-east-1_jive-microservices-pipeline-jcx-etcd-instance",
                            "tags.jive_service": "",
                            "tags.pipeline_phase": "pipeline-jcx",
                            "tags.region": "us-east-1",
                            "tags.service_component": "k8s-etcd",
                            "tags.sla": "non-prod",
                            "vpc_id": "vpc-0344df7a"
                        },
                        "meta": {},
                        "tainted": false
                    },
                    "deposed": [],
                    "provider": ""
                },
                "aws_security_group.k8s_master_instance": {
                    "type": "aws_security_group",
                    "depends_on": [
                        "null_resource.k8s_cluster"
                    ],
                    "primary": {
                        "id": "sg-77689507",
                        "attributes": {
                            "description": "Access to K8S Master nodes",
                            "egress.#": "0",
                            "id": "sg-77689507",
                            "ingress.#": "3",
                            "ingress.3187763572.cidr_blocks.#": "0",
                            "ingress.3187763572.from_port": "0",
                            "ingress.3187763572.ipv6_cidr_blocks.#": "0",
                            "ingress.3187763572.protocol": "-1",
                            "ingress.3187763572.security_groups.#": "1",
                            "ingress.3187763572.security_groups.1827750123": "sg-b36a97c3",
                            "ingress.3187763572.self": "false",
                            "ingress.3187763572.to_port": "0",
                            "ingress.691539513.cidr_blocks.#": "1",
                            "ingress.691539513.cidr_blocks.0": "10.0.0.0/8",
                            "ingress.691539513.from_port": "443",
                            "ingress.691539513.ipv6_cidr_blocks.#": "0",
                            "ingress.691539513.protocol": "tcp",
                            "ingress.691539513.security_groups.#": "0",
                            "ingress.691539513.self": "true",
                            "ingress.691539513.to_port": "443",
                            "ingress.984665504.cidr_blocks.#": "1",
                            "ingress.984665504.cidr_blocks.0": "10.125.96.0/20",
                            "ingress.984665504.from_port": "8080",
                            "ingress.984665504.ipv6_cidr_blocks.#": "0",
                            "ingress.984665504.protocol": "tcp",
                            "ingress.984665504.security_groups.#": "0",
                            "ingress.984665504.self": "true",
                            "ingress.984665504.to_port": "8080",
                            "name": "us-east-1_jive-microservices-pipeline-jcx-master-instance",
                            "owner_id": "811034720611",
                            "tags.%": "6",
                            "tags.Name": "us-east-1_jive-microservices-pipeline-jcx-master-instance",
                            "tags.jive_service": "",
                            "tags.pipeline_phase": "pipeline-jcx",
                            "tags.region": "us-east-1",
                            "tags.service_component": "k8s-master",
                            "tags.sla": "non-prod",
                            "vpc_id": "vpc-0344df7a"
                        },
                        "meta": {},
                        "tainted": false
                    },
                    "deposed": [],
                    "provider": ""
                },
                "aws_security_group.k8s_worker_instance": {
                    "type": "aws_security_group",
                    "depends_on": [
                        "aws_security_group.k8s_master_instance",
                        "null_resource.k8s_cluster"
                    ],
                    "primary": {
                        "id": "sg-b36a97c3",
                        "attributes": {
                            "description": "Allow traffic to K8S worker nodes",
                            "egress.#": "0",
                            "id": "sg-b36a97c3",
                            "ingress.#": "2",
                            "ingress.1459612709.cidr_blocks.#": "1",
                            "ingress.1459612709.cidr_blocks.0": "10.125.96.0/20",
                            "ingress.1459612709.from_port": "30000",
                            "ingress.1459612709.ipv6_cidr_blocks.#": "0",
                            "ingress.1459612709.protocol": "tcp",
                            "ingress.1459612709.security_groups.#": "0",
                            "ingress.1459612709.self": "false",
                            "ingress.1459612709.to_port": "32767",
                            "ingress.800747583.cidr_blocks.#": "0",
                            "ingress.800747583.from_port": "0",
                            "ingress.800747583.ipv6_cidr_blocks.#": "0",
                            "ingress.800747583.protocol": "-1",
                            "ingress.800747583.security_groups.#": "1",
                            "ingress.800747583.security_groups.621029888": "sg-77689507",
                            "ingress.800747583.self": "true",
                            "ingress.800747583.to_port": "0",
                            "name": "us-east-1_jive-microservices-pipeline-jcx-worker-instance",
                            "owner_id": "811034720611",
                            "tags.%": "7",
                            "tags.KubernetesCluster": "us-east-1_jive-microservices-pipeline-jcx",
                            "tags.Name": "us-east-1_jive-microservices-pipeline-jcx-worker-instance",
                            "tags.jive_service": "",
                            "tags.pipeline_phase": "pipeline-jcx",
                            "tags.region": "us-east-1",
                            "tags.service_component": "k8s-worker",
                            "tags.sla": "non-prod",
                            "vpc_id": "vpc-0344df7a"
                        },
                        "meta": {},
                        "tainted": false
                    },
                    "deposed": [],
                    "provider": ""
                },
                "aws_security_group_rule.k8s_master_instance": {
                    "type": "aws_security_group_rule",
                    "depends_on": [
                        "aws_security_group.k8s_master_instance",
                        "aws_security_group.k8s_worker_instance"
                    ],
                    "primary": {
                        "id": "sgrule-3315089260",
                        "attributes": {
                            "cidr_blocks.#": "0",
                            "from_port": "0",
                            "id": "sgrule-3315089260",
                            "ipv6_cidr_blocks.#": "0",
                            "prefix_list_ids.#": "0",
                            "protocol": "-1",
                            "security_group_id": "sg-77689507",
                            "self": "false",
                            "source_security_group_id": "sg-b36a97c3",
                            "to_port": "0",
                            "type": "ingress"
                        },
                        "meta": {
                            "schema_version": "2"
                        },
                        "tainted": false
                    },
                    "deposed": [],
                    "provider": ""
                },
                "aws_security_group_rule.k8s_worker_instance": {
                    "type": "aws_security_group_rule",
                    "depends_on": [
                        "aws_security_group.k8s_worker_instance"
                    ],
                    "primary": {
                        "id": "sgrule-3022713825",
                        "attributes": {
                            "cidr_blocks.#": "1",
                            "cidr_blocks.0": "10.125.96.0/20",
                            "from_port": "30000",
                            "id": "sgrule-3022713825",
                            "ipv6_cidr_blocks.#": "0",
                            "prefix_list_ids.#": "0",
                            "protocol": "tcp",
                            "security_group_id": "sg-b36a97c3",
                            "self": "false",
                            "to_port": "32767",
                            "type": "ingress"
                        },
                        "meta": {
                            "schema_version": "2"
                        },
                        "tainted": false
                    },
                    "deposed": [],
                    "provider": ""
                },
                "data.aws_availability_zones.available": {
                    "type": "aws_availability_zones",
                    "depends_on": [],
                    "primary": {
                        "id": "2017-08-10 18:02:47.646818918 +0000 UTC",
                        "attributes": {
                            "id": "2017-08-10 18:02:47.646818918 +0000 UTC",
                            "names.#": "6",
                            "names.0": "us-east-1a",
                            "names.1": "us-east-1b",
                            "names.2": "us-east-1c",
                            "names.3": "us-east-1d",
                            "names.4": "us-east-1e",
                            "names.5": "us-east-1f"
                        },
                        "meta": {},
                        "tainted": false
                    },
                    "deposed": [],
                    "provider": ""
                },
                "data.aws_iam_policy_document.logging": {
                    "type": "aws_iam_policy_document",
                    "depends_on": [
                        "aws_iam_role.k8s-master",
                        "aws_iam_role.k8s-node"
                    ],
                    "primary": {
                        "id": "4120769052",
                        "attributes": {
                            "id": "4120769052",
                            "json": "{\n  \"Version\": \"2012-10-17\",\n  \"Statement\": [\n    {\n      \"Sid\": \"Logs\",\n      \"Effect\": \"Allow\",\n      \"Action\": \"s3:PutObject\",\n      \"Resource\": \"arn:aws:s3:::us-east-1-jive-microservices-pipeline-jcx-logs/*\",\n      \"Principal\": {\n        \"AWS\": [\n          \"arn:aws:iam::811034720611:role/us-east-1_jive-microservices-pipeline-jcx-node-role\",\n          \"arn:aws:iam::811034720611:role/us-east-1_jive-microservices-pipeline-jcx-master-role\"\n        ]\n      }\n    }\n  ]\n}",
                            "statement.#": "1",
                            "statement.0.actions.#": "1",
                            "statement.0.actions.315547055": "s3:PutObject",
                            "statement.0.condition.#": "0",
                            "statement.0.effect": "Allow",
                            "statement.0.not_actions.#": "0",
                            "statement.0.not_principals.#": "0",
                            "statement.0.not_resources.#": "0",
                            "statement.0.principals.#": "1",
                            "statement.0.principals.1323631781.identifiers.#": "2",
                            "statement.0.principals.1323631781.identifiers.1708708384": "arn:aws:iam::811034720611:role/us-east-1_jive-microservices-pipeline-jcx-master-role",
                            "statement.0.principals.1323631781.identifiers.3973745681": "arn:aws:iam::811034720611:role/us-east-1_jive-microservices-pipeline-jcx-node-role",
                            "statement.0.principals.1323631781.type": "AWS",
                            "statement.0.resources.#": "1",
                            "statement.0.resources.2472833951": "arn:aws:s3:::us-east-1-jive-microservices-pipeline-jcx-logs/*",
                            "statement.0.sid": "Logs"
                        },
                        "meta": {},
                        "tainted": false
                    },
                    "deposed": [],
                    "provider": ""
                },
                "data.aws_subnet.natdc.0": {
                    "type": "aws_subnet",
                    "depends_on": [
                        "data.aws_availability_zones.available"
                    ],
                    "primary": {
                        "id": "subnet-ee2bca8a",
                        "attributes": {
                            "assign_ipv6_address_on_creation": "false",
                            "availability_zone": "us-east-1a",
                            "cidr_block": "10.125.96.0/23",
                            "default_for_az": "false",
                            "id": "subnet-ee2bca8a",
                            "map_public_ip_on_launch": "false",
                            "state": "available",
                            "tags.%": "7",
                            "tags.KubernetesCluster": "us-east-1_jive-microservices-pipeline-jcx",
                            "tags.Name": "pipeline-jcx-natdc-subnet",
                            "tags.account_name": "jive-microservices-pipeline",
                            "tags.kubernetes.io/role/internal-elb": "us-east-1_jive-microservices-pipeline-jcx",
                            "tags.pipeline_phase": "pipeline-jcx",
                            "tags.region": "us-east-1",
                            "tags.sla": "non-prod",
                            "vpc_id": "vpc-0344df7a"
                        },
                        "meta": {},
                        "tainted": false
                    },
                    "deposed": [],
                    "provider": ""
                },
                "data.aws_subnet.natdc.1": {
                    "type": "aws_subnet",
                    "depends_on": [
                        "data.aws_availability_zones.available"
                    ],
                    "primary": {
                        "id": "subnet-e7bd2ecb",
                        "attributes": {
                            "assign_ipv6_address_on_creation": "false",
                            "availability_zone": "us-east-1b",
                            "cidr_block": "10.125.98.0/23",
                            "default_for_az": "false",
                            "id": "subnet-e7bd2ecb",
                            "map_public_ip_on_launch": "false",
                            "state": "available",
                            "tags.%": "7",
                            "tags.KubernetesCluster": "us-east-1_jive-microservices-pipeline-jcx",
                            "tags.Name": "pipeline-jcx-natdc-subnet",
                            "tags.account_name": "jive-microservices-pipeline",
                            "tags.kubernetes.io/role/internal-elb": "us-east-1_jive-microservices-pipeline-jcx",
                            "tags.pipeline_phase": "pipeline-jcx",
                            "tags.region": "us-east-1",
                            "tags.sla": "non-prod",
                            "vpc_id": "vpc-0344df7a"
                        },
                        "meta": {},
                        "tainted": false
                    },
                    "deposed": [],
                    "provider": ""
                },
                "data.aws_subnet.natdc.2": {
                    "type": "aws_subnet",
                    "depends_on": [
                        "data.aws_availability_zones.available"
                    ],
                    "primary": {
                        "id": "subnet-d4377d9c",
                        "attributes": {
                            "assign_ipv6_address_on_creation": "false",
                            "availability_zone": "us-east-1c",
                            "cidr_block": "10.125.100.0/23",
                            "default_for_az": "false",
                            "id": "subnet-d4377d9c",
                            "map_public_ip_on_launch": "false",
                            "state": "available",
                            "tags.%": "7",
                            "tags.KubernetesCluster": "us-east-1_jive-microservices-pipeline-jcx",
                            "tags.Name": "pipeline-jcx-natdc-subnet",
                            "tags.account_name": "jive-microservices-pipeline",
                            "tags.kubernetes.io/role/internal-elb": "us-east-1_jive-microservices-pipeline-jcx",
                            "tags.pipeline_phase": "pipeline-jcx",
                            "tags.region": "us-east-1",
                            "tags.sla": "non-prod",
                            "vpc_id": "vpc-0344df7a"
                        },
                        "meta": {},
                        "tainted": false
                    },
                    "deposed": [],
                    "provider": ""
                },
                "data.aws_subnet.natdc.3": {
                    "type": "aws_subnet",
                    "depends_on": [
                        "data.aws_availability_zones.available"
                    ],
                    "primary": {
                        "id": "subnet-466ae11c",
                        "attributes": {
                            "assign_ipv6_address_on_creation": "false",
                            "availability_zone": "us-east-1d",
                            "cidr_block": "10.125.102.0/23",
                            "default_for_az": "false",
                            "id": "subnet-466ae11c",
                            "map_public_ip_on_launch": "false",
                            "state": "available",
                            "tags.%": "7",
                            "tags.KubernetesCluster": "us-east-1_jive-microservices-pipeline-jcx",
                            "tags.Name": "pipeline-jcx-natdc-subnet",
                            "tags.account_name": "jive-microservices-pipeline",
                            "tags.kubernetes.io/role/internal-elb": "us-east-1_jive-microservices-pipeline-jcx",
                            "tags.pipeline_phase": "pipeline-jcx",
                            "tags.region": "us-east-1",
                            "tags.sla": "non-prod",
                            "vpc_id": "vpc-0344df7a"
                        },
                        "meta": {},
                        "tainted": false
                    },
                    "deposed": [],
                    "provider": ""
                },
                "data.aws_subnet.natdc.4": {
                    "type": "aws_subnet",
                    "depends_on": [
                        "data.aws_availability_zones.available"
                    ],
                    "primary": {
                        "id": "subnet-1a101326",
                        "attributes": {
                            "assign_ipv6_address_on_creation": "false",
                            "availability_zone": "us-east-1e",
                            "cidr_block": "10.125.104.0/23",
                            "default_for_az": "false",
                            "id": "subnet-1a101326",
                            "map_public_ip_on_launch": "false",
                            "state": "available",
                            "tags.%": "7",
                            "tags.KubernetesCluster": "us-east-1_jive-microservices-pipeline-jcx",
                            "tags.Name": "pipeline-jcx-natdc-subnet",
                            "tags.account_name": "jive-microservices-pipeline",
                            "tags.kubernetes.io/role/internal-elb": "us-east-1_jive-microservices-pipeline-jcx",
                            "tags.pipeline_phase": "pipeline-jcx",
                            "tags.region": "us-east-1",
                            "tags.sla": "non-prod",
                            "vpc_id": "vpc-0344df7a"
                        },
                        "meta": {},
                        "tainted": false
                    },
                    "deposed": [],
                    "provider": ""
                },
                "data.template_file.cloud_config": {
                    "type": "template_file",
                    "depends_on": [
                        "aws_eip.k8s_master_eip",
                        "aws_elb.k8s_master",
                        "null_resource.k8s_cluster"
                    ],
                    "primary": {
                        "id": "2a7d274cfd82e7aa16aa3027b879395885addec07cbca66f6d0434eac5e64187",
                        "attributes": {
                            "id": "2a7d274cfd82e7aa16aa3027b879395885addec07cbca66f6d0434eac5e64187",
                            "rendered": "#cloud-config\ncoreos:\n  units:\n    - name: bootstrap.service\n      command: start\n      content: |\n        [Unit]\n        Requires=early-docker.service\n        After=early-docker.service\n        Description=Bootstraps the node\n        [Service]\n        Environment=\"DOCKER_HOST=unix:///var/run/early-docker.sock\"\n        Type=oneshot\n        RemainAfterExit=yes\n        ExecStart=/root/bootstrap.sh\n    - name: settimezone.service\n      command: start\n      content: |\n        [Unit]\n        Description=Set the timezone\n        [Service]\n        ExecStart=/usr/bin/timedatectl set-timezone UTC\n        RemainAfterExit=yes\n        Type=oneshot\nupdate:\n    reboot-strategy: off\nssh_authorized_keys:\n  - ssh-rsa AAAAB3NzaC1yc2EAAAADAQABAAABAQDPqioZmpUNuZ2/YFqw7413Ahq10YJ72bQBHijaATSkFybFjs6CNW+k5k0DVD71b/ZPjR1DHLi9exm6f8Mfm/e61rRonwnomFxUA4sKu+RFlvUmR3Gi8mnluGX4oqSwNrFVddgwipqdYamsFK8w9JYMAMS9U5YJximOi86WVqjpAYMAbnX/3zb0tkvYn1eEiwkpWQPsT7UXrPjojlRHWYEiji8vMOICXovbcOE1TP/5B4U1i5dJq0Sx5T07MW6wtv+CRXBhzbzg9fTVb/76y6EgDCdkvkBUFtvRLjufMdajx90PNw1HScxA4vC8EoBy3tfeCiuhCl9l8cgnUEu2hTMT\nwrite_files:\n  - path: /etc/hosts\n    permissions: 0644\n    content: |\n      10.160.4.127 docker.phx1.jivehosted.com\n      10.160.70.25 pulp-slave\nwrite_files:\n  - path: /root/parse_manifest.sh\n    permissions: 0755\n    content: |\n      #!/usr/bin/bash\n      jq -c '.clusters[] | select(.clusterName == \"us-east-1_jive-microservices-pipeline-jcx\") | .ansibleImageVersion' /tmp/cluster_manifest.json\nwrite_files:\n  - path: /root/pam_workaround.sh\n    permissions: 0755\n    content: |\n      #!/usr/bin/bash\n      if [[ -d /lib/pam.d ]]; then\n        rsync -a /lib/pam.d/ /etc/pam.d/\n        sed -i '/pam_systemd.so/d' /etc/pam.d/*\n        sed -i '/pam_nologin.so/d' /etc/pam.d/*\n      fi\nwrite_files:\n  - path: /root/bootstrap.sh\n    permissions: 0755\n    content: |\n      #!/usr/bin/bash\n      #\n      if [ -f /etc/coreos/update.conf ] ; then\n        rm  /etc/coreos/update.conf\n      fi\n\n      declare -r ansible_bucket=https://s3-us-west-2.amazonaws.com/jive-ansible-coreos-jive-infra-prod-usw2\n\n      # Get cluster manifest from S3 bucket\n      curl -XGET -s \\\n      --retry 3 \\\n      --retry-delay 5 \\\n      ${ansible_bucket}/cluster_manifest.json \\\n      --output /tmp/cluster_manifest.json\n\n      # Get ansible-coreos bootstrap script from S3 bucket\n      curl -XGET -s \\\n      --retry 3 \\\n      --retry-delay 5 \\\n      ${ansible_bucket}/run-ansible-container.sh \\\n      --output /tmp/run-ansible-container.sh\n\n      declare -r docker_image=$(bash /root/parse_manifest.sh | sed 's/\"//g')\n      bash -vx /root/pam_workaround.sh\n      bash -vx /tmp/run-ansible-container.sh ${docker_image}\n\n      exit 0\n\n# MASTER_EIP_ALLOC and ELB_NAME are passed from Terraform\n#MASTER_EIP_ALLOC:eipalloc-ec96eddf\n",
                            "template": "#cloud-config\ncoreos:\n  units:\n    - name: bootstrap.service\n      command: start\n      content: |\n        [Unit]\n        Requires=early-docker.service\n        After=early-docker.service\n        Description=Bootstraps the node\n        [Service]\n        Environment=\"DOCKER_HOST=unix:///var/run/early-docker.sock\"\n        Type=oneshot\n        RemainAfterExit=yes\n        ExecStart=/root/bootstrap.sh\n    - name: settimezone.service\n      command: start\n      content: |\n        [Unit]\n        Description=Set the timezone\n        [Service]\n        ExecStart=/usr/bin/timedatectl set-timezone UTC\n        RemainAfterExit=yes\n        Type=oneshot\nupdate:\n    reboot-strategy: off\nssh_authorized_keys:\n  - ${COREOS_AUTHKEY}\nwrite_files:\n  - path: /etc/hosts\n    permissions: 0644\n    content: |\n      ${DOCKER_REGISTRY}\n      ${PHX_PULP}\nwrite_files:\n  - path: /root/parse_manifest.sh\n    permissions: 0755\n    content: |\n      #!/usr/bin/bash\n      jq -c '.clusters[] | select(.clusterName == \"${KubernetesCluster}\") | .ansibleImageVersion' /tmp/cluster_manifest.json\nwrite_files:\n  - path: /root/pam_workaround.sh\n    permissions: 0755\n    content: |\n      #!/usr/bin/bash\n      if [[ -d /lib/pam.d ]]; then\n        rsync -a /lib/pam.d/ /etc/pam.d/\n        sed -i '/pam_systemd.so/d' /etc/pam.d/*\n        sed -i '/pam_nologin.so/d' /etc/pam.d/*\n      fi\nwrite_files:\n  - path: /root/bootstrap.sh\n    permissions: 0755\n    content: |\n      #!/usr/bin/bash\n      #\n      if [ -f /etc/coreos/update.conf ] ; then\n        rm  /etc/coreos/update.conf\n      fi\n\n      declare -r ansible_bucket=${ANSIBLE_BUCKET}\n\n      # Get cluster manifest from S3 bucket\n      curl -XGET -s \\\n      --retry 3 \\\n      --retry-delay 5 \\\n      $${ansible_bucket}/cluster_manifest.json \\\n      --output /tmp/cluster_manifest.json\n\n      # Get ansible-coreos bootstrap script from S3 bucket\n      curl -XGET -s \\\n      --retry 3 \\\n      --retry-delay 5 \\\n      $${ansible_bucket}/run-ansible-container.sh \\\n      --output /tmp/run-ansible-container.sh\n\n      declare -r docker_image=$$(bash /root/parse_manifest.sh | sed 's/\"//g')\n      bash -vx /root/pam_workaround.sh\n      bash -vx /tmp/run-ansible-container.sh $${docker_image}\n\n      exit 0\n\n# MASTER_EIP_ALLOC and ELB_NAME are passed from Terraform\n#MASTER_EIP_ALLOC:${MASTER_EIP_ALLOC}\n",
                            "vars.%": "7",
                            "vars.ANSIBLE_BUCKET": "https://s3-us-west-2.amazonaws.com/jive-ansible-coreos-jive-infra-prod-usw2",
                            "vars.COREOS_AUTHKEY": "ssh-rsa AAAAB3NzaC1yc2EAAAADAQABAAABAQDPqioZmpUNuZ2/YFqw7413Ahq10YJ72bQBHijaATSkFybFjs6CNW+k5k0DVD71b/ZPjR1DHLi9exm6f8Mfm/e61rRonwnomFxUA4sKu+RFlvUmR3Gi8mnluGX4oqSwNrFVddgwipqdYamsFK8w9JYMAMS9U5YJximOi86WVqjpAYMAbnX/3zb0tkvYn1eEiwkpWQPsT7UXrPjojlRHWYEiji8vMOICXovbcOE1TP/5B4U1i5dJq0Sx5T07MW6wtv+CRXBhzbzg9fTVb/76y6EgDCdkvkBUFtvRLjufMdajx90PNw1HScxA4vC8EoBy3tfeCiuhCl9l8cgnUEu2hTMT",
                            "vars.DOCKER_REGISTRY": "10.160.4.127 docker.phx1.jivehosted.com",
                            "vars.ELB_NAME": "pipeline-jcx-k8s-master-elb",
                            "vars.KubernetesCluster": "us-east-1_jive-microservices-pipeline-jcx",
                            "vars.MASTER_EIP_ALLOC": "eipalloc-ec96eddf",
                            "vars.PHX_PULP": "10.160.70.25 pulp-slave"
                        },
                        "meta": {},
                        "tainted": false
                    },
                    "deposed": [],
                    "provider": ""
                },
                "null_resource.k8s_cluster": {
                    "type": "null_resource",
                    "depends_on": [],
                    "primary": {
                        "id": "1236828281280994396",
                        "attributes": {
                            "id": "1236828281280994396",
                            "triggers.%": "1",
                            "triggers.name": "us-east-1_jive-microservices-pipeline-jcx"
                        },
                        "meta": {},
                        "tainted": false
                    },
                    "deposed": [],
                    "provider": ""
                }
            },
            "depends_on": []
        }
    ]
}
