{
    "version": 3,
    "terraform_version": "0.9.4",
    "serial": 5,
    "lineage": "ea4e285d-b675-46c9-8100-f652a7840c54",
    "modules": [
        {
            "path": [
                "root"
            ],
            "outputs": {},
            "resources": {
                "aws_ebs_volume.upena_miru_i1_v0": {
                    "type": "aws_ebs_volume",
                    "depends_on": [],
                    "primary": {
                        "id": "vol-0aaef2758bd241539",
                        "attributes": {
                            "availability_zone": "us-east-1a",
                            "encrypted": "true",
                            "id": "vol-0aaef2758bd241539",
                            "size": "500",
                            "snapshot_id": "",
                            "tags.%": "7",
                            "tags.Account_name": "jive-reco-pipeline",
                            "tags.Jive_service": "upena",
                            "tags.Name": "us-east-1-jive-reco-pipeline-newpena-miru-i1-v0",
                            "tags.Pipeline_phase": "test",
                            "tags.Region": "us-east-1",
                            "tags.SLA": "non-prod",
                            "tags.Service_component": "upena-miru",
                            "type": "st1"
                        },
                        "meta": {},
                        "tainted": false
                    },
                    "deposed": [],
                    "provider": ""
                },
                "aws_ebs_volume.upena_miru_i1_v1": {
                    "type": "aws_ebs_volume",
                    "depends_on": [],
                    "primary": {
                        "id": "vol-069281498c381f1da",
                        "attributes": {
                            "availability_zone": "us-east-1a",
                            "encrypted": "true",
                            "id": "vol-069281498c381f1da",
                            "size": "2000",
                            "snapshot_id": "",
                            "tags.%": "7",
                            "tags.Account_name": "jive-reco-pipeline",
                            "tags.Jive_service": "upena",
                            "tags.Name": "us-east-1-jive-reco-pipeline-newpena-miru-i1-v1",
                            "tags.Pipeline_phase": "test",
                            "tags.Region": "us-east-1",
                            "tags.SLA": "non-prod",
                            "tags.Service_component": "upena-miru",
                            "type": "st1"
                        },
                        "meta": {},
                        "tainted": false
                    },
                    "deposed": [],
                    "provider": ""
                },
                "aws_ebs_volume.upena_miru_i1_v2": {
                    "type": "aws_ebs_volume",
                    "depends_on": [],
                    "primary": {
                        "id": "vol-006bef591c1e367d8",
                        "attributes": {
                            "availability_zone": "us-east-1a",
                            "encrypted": "true",
                            "id": "vol-006bef591c1e367d8",
                            "size": "2000",
                            "snapshot_id": "",
                            "tags.%": "7",
                            "tags.Account_name": "jive-reco-pipeline",
                            "tags.Jive_service": "upena",
                            "tags.Name": "us-east-1-jive-reco-pipeline-newpena-miru-i1-v2",
                            "tags.Pipeline_phase": "test",
                            "tags.Region": "us-east-1",
                            "tags.SLA": "non-prod",
                            "tags.Service_component": "upena-miru",
                            "type": "st1"
                        },
                        "meta": {},
                        "tainted": false
                    },
                    "deposed": [],
                    "provider": ""
                },
                "aws_ebs_volume.upena_miru_i1_v3": {
                    "type": "aws_ebs_volume",
                    "depends_on": [],
                    "primary": {
                        "id": "vol-0108fe25aa4e0b51e",
                        "attributes": {
                            "availability_zone": "us-east-1a",
                            "encrypted": "true",
                            "id": "vol-0108fe25aa4e0b51e",
                            "size": "2000",
                            "snapshot_id": "",
                            "tags.%": "7",
                            "tags.Account_name": "jive-reco-pipeline",
                            "tags.Jive_service": "upena",
                            "tags.Name": "us-east-1-jive-reco-pipeline-newpena-miru-i1-v3",
                            "tags.Pipeline_phase": "test",
                            "tags.Region": "us-east-1",
                            "tags.SLA": "non-prod",
                            "tags.Service_component": "upena-miru",
                            "type": "st1"
                        },
                        "meta": {},
                        "tainted": false
                    },
                    "deposed": [],
                    "provider": ""
                },
                "aws_ebs_volume.upena_miru_i2_v0": {
                    "type": "aws_ebs_volume",
                    "depends_on": [],
                    "primary": {
                        "id": "vol-08cee58c4690098ec",
                        "attributes": {
                            "availability_zone": "us-east-1b",
                            "encrypted": "true",
                            "id": "vol-08cee58c4690098ec",
                            "size": "500",
                            "snapshot_id": "",
                            "tags.%": "7",
                            "tags.Account_name": "jive-reco-pipeline",
                            "tags.Jive_service": "upena",
                            "tags.Name": "us-east-1-jive-reco-pipeline-newpena-miru-i2-v0",
                            "tags.Pipeline_phase": "test",
                            "tags.Region": "us-east-1",
                            "tags.SLA": "non-prod",
                            "tags.Service_component": "upena-miru",
                            "type": "st1"
                        },
                        "meta": {},
                        "tainted": false
                    },
                    "deposed": [],
                    "provider": ""
                },
                "aws_ebs_volume.upena_miru_i2_v1": {
                    "type": "aws_ebs_volume",
                    "depends_on": [],
                    "primary": {
                        "id": "vol-05ce92636e38ca8e6",
                        "attributes": {
                            "availability_zone": "us-east-1b",
                            "encrypted": "true",
                            "id": "vol-05ce92636e38ca8e6",
                            "size": "2000",
                            "snapshot_id": "",
                            "tags.%": "7",
                            "tags.Account_name": "jive-reco-pipeline",
                            "tags.Jive_service": "upena",
                            "tags.Name": "us-east-1-jive-reco-pipeline-newpena-miru-i2-v1",
                            "tags.Pipeline_phase": "test",
                            "tags.Region": "us-east-1",
                            "tags.SLA": "non-prod",
                            "tags.Service_component": "upena-miru",
                            "type": "st1"
                        },
                        "meta": {},
                        "tainted": false
                    },
                    "deposed": [],
                    "provider": ""
                },
                "aws_ebs_volume.upena_miru_i2_v2": {
                    "type": "aws_ebs_volume",
                    "depends_on": [],
                    "primary": {
                        "id": "vol-02b304d2db0596c87",
                        "attributes": {
                            "availability_zone": "us-east-1b",
                            "encrypted": "true",
                            "id": "vol-02b304d2db0596c87",
                            "size": "2000",
                            "snapshot_id": "",
                            "tags.%": "7",
                            "tags.Account_name": "jive-reco-pipeline",
                            "tags.Jive_service": "upena",
                            "tags.Name": "us-east-1-jive-reco-pipeline-newpena-miru-i2-v2",
                            "tags.Pipeline_phase": "test",
                            "tags.Region": "us-east-1",
                            "tags.SLA": "non-prod",
                            "tags.Service_component": "upena-miru",
                            "type": "st1"
                        },
                        "meta": {},
                        "tainted": false
                    },
                    "deposed": [],
                    "provider": ""
                },
                "aws_ebs_volume.upena_miru_i2_v3": {
                    "type": "aws_ebs_volume",
                    "depends_on": [],
                    "primary": {
                        "id": "vol-03269c0e9ef16d51b",
                        "attributes": {
                            "availability_zone": "us-east-1b",
                            "encrypted": "true",
                            "id": "vol-03269c0e9ef16d51b",
                            "size": "2000",
                            "snapshot_id": "",
                            "tags.%": "7",
                            "tags.Account_name": "jive-reco-pipeline",
                            "tags.Jive_service": "upena",
                            "tags.Name": "us-east-1-jive-reco-pipeline-newpena-miru-i2-v3",
                            "tags.Pipeline_phase": "test",
                            "tags.Region": "us-east-1",
                            "tags.SLA": "non-prod",
                            "tags.Service_component": "upena-miru",
                            "type": "st1"
                        },
                        "meta": {},
                        "tainted": false
                    },
                    "deposed": [],
                    "provider": ""
                },
                "aws_ebs_volume.upena_miru_i3_v0": {
                    "type": "aws_ebs_volume",
                    "depends_on": [],
                    "primary": {
                        "id": "vol-0e5e6b7614e5eddea",
                        "attributes": {
                            "availability_zone": "us-east-1c",
                            "encrypted": "true",
                            "id": "vol-0e5e6b7614e5eddea",
                            "size": "500",
                            "snapshot_id": "",
                            "tags.%": "7",
                            "tags.Account_name": "jive-reco-pipeline",
                            "tags.Jive_service": "upena",
                            "tags.Name": "us-east-1-jive-reco-pipeline-newpena-miru-i3-v0",
                            "tags.Pipeline_phase": "test",
                            "tags.Region": "us-east-1",
                            "tags.SLA": "non-prod",
                            "tags.Service_component": "upena-miru",
                            "type": "st1"
                        },
                        "meta": {},
                        "tainted": false
                    },
                    "deposed": [],
                    "provider": ""
                },
                "aws_ebs_volume.upena_miru_i3_v1": {
                    "type": "aws_ebs_volume",
                    "depends_on": [],
                    "primary": {
                        "id": "vol-0872aa2192d5c1300",
                        "attributes": {
                            "availability_zone": "us-east-1c",
                            "encrypted": "true",
                            "id": "vol-0872aa2192d5c1300",
                            "size": "2000",
                            "snapshot_id": "",
                            "tags.%": "7",
                            "tags.Account_name": "jive-reco-pipeline",
                            "tags.Jive_service": "upena",
                            "tags.Name": "us-east-1-jive-reco-pipeline-newpena-miru-i3-v1",
                            "tags.Pipeline_phase": "test",
                            "tags.Region": "us-east-1",
                            "tags.SLA": "non-prod",
                            "tags.Service_component": "upena-miru",
                            "type": "st1"
                        },
                        "meta": {},
                        "tainted": false
                    },
                    "deposed": [],
                    "provider": ""
                },
                "aws_ebs_volume.upena_miru_i3_v2": {
                    "type": "aws_ebs_volume",
                    "depends_on": [],
                    "primary": {
                        "id": "vol-0ebe13d5a7608d983",
                        "attributes": {
                            "availability_zone": "us-east-1c",
                            "encrypted": "true",
                            "id": "vol-0ebe13d5a7608d983",
                            "size": "2000",
                            "snapshot_id": "",
                            "tags.%": "7",
                            "tags.Account_name": "jive-reco-pipeline",
                            "tags.Jive_service": "upena",
                            "tags.Name": "us-east-1-jive-reco-pipeline-newpena-miru-i3-v2",
                            "tags.Pipeline_phase": "test",
                            "tags.Region": "us-east-1",
                            "tags.SLA": "non-prod",
                            "tags.Service_component": "upena-miru",
                            "type": "st1"
                        },
                        "meta": {},
                        "tainted": false
                    },
                    "deposed": [],
                    "provider": ""
                },
                "aws_ebs_volume.upena_miru_i3_v3": {
                    "type": "aws_ebs_volume",
                    "depends_on": [],
                    "primary": {
                        "id": "vol-03db9ca5f8d4b45a4",
                        "attributes": {
                            "availability_zone": "us-east-1c",
                            "encrypted": "true",
                            "id": "vol-03db9ca5f8d4b45a4",
                            "size": "2000",
                            "snapshot_id": "",
                            "tags.%": "7",
                            "tags.Account_name": "jive-reco-pipeline",
                            "tags.Jive_service": "upena",
                            "tags.Name": "us-east-1-jive-reco-pipeline-newpena-miru-i3-v3",
                            "tags.Pipeline_phase": "test",
                            "tags.Region": "us-east-1",
                            "tags.SLA": "non-prod",
                            "tags.Service_component": "upena-miru",
                            "type": "st1"
                        },
                        "meta": {},
                        "tainted": false
                    },
                    "deposed": [],
                    "provider": ""
                },
                "aws_instance.upena_miru_i1": {
                    "type": "aws_instance",
                    "depends_on": [
                        "aws_security_group.upena_miru_sg"
                    ],
                    "primary": {
                        "id": "i-01daed2ffcdc56b23",
                        "attributes": {
                            "ami": "ami-a4c7edb2",
                            "associate_public_ip_address": "false",
                            "availability_zone": "us-east-1a",
                            "disable_api_termination": "false",
                            "ebs_block_device.#": "0",
                            "ebs_optimized": "true",
                            "ephemeral_block_device.#": "0",
                            "iam_instance_profile": "upena-profile",
                            "id": "i-01daed2ffcdc56b23",
                            "instance_state": "running",
                            "instance_type": "r4.xlarge",
                            "ipv6_address_count": "0",
                            "ipv6_addresses.#": "0",
                            "key_name": "reco-pipeline",
                            "monitoring": "false",
                            "network_interface.#": "0",
                            "network_interface_id": "eni-547806fa",
                            "primary_network_interface_id": "eni-547806fa",
                            "private_dns": "ip-10-126-20-92.ec2.internal",
                            "private_ip": "10.126.20.92",
                            "public_dns": "",
                            "public_ip": "",
                            "root_block_device.#": "1",
                            "root_block_device.0.delete_on_termination": "true",
                            "root_block_device.0.iops": "0",
                            "root_block_device.0.volume_size": "8",
                            "root_block_device.0.volume_type": "standard",
                            "security_groups.#": "0",
                            "source_dest_check": "true",
                            "subnet_id": "subnet-a17aee8d",
                            "tags.%": "7",
                            "tags.Account_name": "jive-reco-pipeline",
                            "tags.Jive_service": "upena",
                            "tags.Name": "us-east-1-jive-reco-pipeline-newpena-miru-i1",
                            "tags.Pipeline_phase": "test",
                            "tags.Region": "us-east-1",
                            "tags.SLA": "non-prod",
                            "tags.Service_component": "upena-miru",
                            "tenancy": "default",
                            "user_data": "45408852e0b00c5ba08fca17e6f3d88d2df835ff",
                            "volume_tags.%": "0",
                            "vpc_security_group_ids.#": "2",
                            "vpc_security_group_ids.3735718882": "sg-e0081691",
                            "vpc_security_group_ids.4093346197": "sg-87e39bf6"
                        },
                        "meta": {
                            "schema_version": "1"
                        },
                        "tainted": false
                    },
                    "deposed": [],
                    "provider": ""
                },
                "aws_instance.upena_miru_i2": {
                    "type": "aws_instance",
                    "depends_on": [
                        "aws_security_group.upena_miru_sg"
                    ],
                    "primary": {
                        "id": "i-06cb9c4eef1df75cb",
                        "attributes": {
                            "ami": "ami-a4c7edb2",
                            "associate_public_ip_address": "false",
                            "availability_zone": "us-east-1b",
                            "disable_api_termination": "false",
                            "ebs_block_device.#": "0",
                            "ebs_optimized": "true",
                            "ephemeral_block_device.#": "0",
                            "iam_instance_profile": "upena-profile",
                            "id": "i-06cb9c4eef1df75cb",
                            "instance_state": "running",
                            "instance_type": "r4.xlarge",
                            "ipv6_address_count": "0",
                            "ipv6_addresses.#": "0",
                            "key_name": "reco-pipeline",
                            "monitoring": "false",
                            "network_interface.#": "0",
                            "network_interface_id": "eni-ccb35319",
                            "primary_network_interface_id": "eni-ccb35319",
                            "private_dns": "ip-10-126-20-226.ec2.internal",
                            "private_ip": "10.126.20.226",
                            "public_dns": "",
                            "public_ip": "",
                            "root_block_device.#": "1",
                            "root_block_device.0.delete_on_termination": "true",
                            "root_block_device.0.iops": "0",
                            "root_block_device.0.volume_size": "8",
                            "root_block_device.0.volume_type": "standard",
                            "security_groups.#": "0",
                            "source_dest_check": "true",
                            "subnet_id": "subnet-b4450afc",
                            "tags.%": "7",
                            "tags.Account_name": "jive-reco-pipeline",
                            "tags.Jive_service": "upena",
                            "tags.Name": "us-east-1-jive-reco-pipeline-newpena-miru-i2",
                            "tags.Pipeline_phase": "test",
                            "tags.Region": "us-east-1",
                            "tags.SLA": "non-prod",
                            "tags.Service_component": "upena-miru",
                            "tenancy": "default",
                            "user_data": "45408852e0b00c5ba08fca17e6f3d88d2df835ff",
                            "volume_tags.%": "0",
                            "vpc_security_group_ids.#": "2",
                            "vpc_security_group_ids.3735718882": "sg-e0081691",
                            "vpc_security_group_ids.4093346197": "sg-87e39bf6"
                        },
                        "meta": {
                            "schema_version": "1"
                        },
                        "tainted": false
                    },
                    "deposed": [],
                    "provider": ""
                },
                "aws_instance.upena_miru_i3": {
                    "type": "aws_instance",
                    "depends_on": [
                        "aws_security_group.upena_miru_sg"
                    ],
                    "primary": {
                        "id": "i-0f4ed2a3ad2dca4fe",
                        "attributes": {
                            "ami": "ami-a4c7edb2",
                            "associate_public_ip_address": "false",
                            "availability_zone": "us-east-1c",
                            "disable_api_termination": "false",
                            "ebs_block_device.#": "0",
                            "ebs_optimized": "true",
                            "ephemeral_block_device.#": "0",
                            "iam_instance_profile": "upena-profile",
                            "id": "i-0f4ed2a3ad2dca4fe",
                            "instance_state": "running",
                            "instance_type": "r4.xlarge",
                            "ipv6_address_count": "0",
                            "ipv6_addresses.#": "0",
                            "key_name": "reco-pipeline",
                            "monitoring": "false",
                            "network_interface.#": "0",
                            "network_interface_id": "eni-441f12ec",
                            "primary_network_interface_id": "eni-441f12ec",
                            "private_dns": "ip-10-126-21-79.ec2.internal",
                            "private_ip": "10.126.21.79",
                            "public_dns": "",
                            "public_ip": "",
                            "root_block_device.#": "1",
                            "root_block_device.0.delete_on_termination": "true",
                            "root_block_device.0.iops": "0",
                            "root_block_device.0.volume_size": "8",
                            "root_block_device.0.volume_type": "standard",
                            "security_groups.#": "0",
                            "source_dest_check": "true",
                            "subnet_id": "subnet-14139f4e",
                            "tags.%": "7",
                            "tags.Account_name": "jive-reco-pipeline",
                            "tags.Jive_service": "upena",
                            "tags.Name": "us-east-1-jive-reco-pipeline-newpena-miru-i3",
                            "tags.Pipeline_phase": "test",
                            "tags.Region": "us-east-1",
                            "tags.SLA": "non-prod",
                            "tags.Service_component": "upena-miru",
                            "tenancy": "default",
                            "user_data": "45408852e0b00c5ba08fca17e6f3d88d2df835ff",
                            "volume_tags.%": "0",
                            "vpc_security_group_ids.#": "2",
                            "vpc_security_group_ids.3735718882": "sg-e0081691",
                            "vpc_security_group_ids.4093346197": "sg-87e39bf6"
                        },
                        "meta": {
                            "schema_version": "1"
                        },
                        "tainted": false
                    },
                    "deposed": [],
                    "provider": ""
                },
                "aws_route53_record.newpena_miru_ri1": {
                    "type": "aws_route53_record",
                    "depends_on": [
                        "aws_instance.upena_miru_i1"
                    ],
                    "primary": {
                        "id": "Z17UOFXP4LI2IE_us-east-1-jive-reco-pipeline-newpena-miru-i1_A",
                        "attributes": {
                            "fqdn": "us-east-1-jive-reco-pipeline-newpena-miru-i1.jiveprivate.com",
                            "health_check_id": "",
                            "id": "Z17UOFXP4LI2IE_us-east-1-jive-reco-pipeline-newpena-miru-i1_A",
                            "name": "us-east-1-jive-reco-pipeline-newpena-miru-i1",
                            "records.#": "1",
                            "records.1515852883": "10.126.20.92",
                            "set_identifier": "",
                            "ttl": "60",
                            "type": "A",
                            "zone_id": "Z17UOFXP4LI2IE"
                        },
                        "meta": {
                            "schema_version": "2"
                        },
                        "tainted": false
                    },
                    "deposed": [],
                    "provider": ""
                },
                "aws_route53_record.newpena_miru_ri2": {
                    "type": "aws_route53_record",
                    "depends_on": [
                        "aws_instance.upena_miru_i2"
                    ],
                    "primary": {
                        "id": "Z17UOFXP4LI2IE_us-east-1-jive-reco-pipeline-newpena-miru-i2_A",
                        "attributes": {
                            "fqdn": "us-east-1-jive-reco-pipeline-newpena-miru-i2.jiveprivate.com",
                            "health_check_id": "",
                            "id": "Z17UOFXP4LI2IE_us-east-1-jive-reco-pipeline-newpena-miru-i2_A",
                            "name": "us-east-1-jive-reco-pipeline-newpena-miru-i2",
                            "records.#": "1",
                            "records.3822440367": "10.126.20.226",
                            "set_identifier": "",
                            "ttl": "60",
                            "type": "A",
                            "zone_id": "Z17UOFXP4LI2IE"
                        },
                        "meta": {
                            "schema_version": "2"
                        },
                        "tainted": false
                    },
                    "deposed": [],
                    "provider": ""
                },
                "aws_route53_record.newpena_miru_ri3": {
                    "type": "aws_route53_record",
                    "depends_on": [
                        "aws_instance.upena_miru_i3"
                    ],
                    "primary": {
                        "id": "Z17UOFXP4LI2IE_us-east-1-jive-reco-pipeline-newpena-miru-i3_A",
                        "attributes": {
                            "fqdn": "us-east-1-jive-reco-pipeline-newpena-miru-i3.jiveprivate.com",
                            "health_check_id": "",
                            "id": "Z17UOFXP4LI2IE_us-east-1-jive-reco-pipeline-newpena-miru-i3_A",
                            "name": "us-east-1-jive-reco-pipeline-newpena-miru-i3",
                            "records.#": "1",
                            "records.3954673456": "10.126.21.79",
                            "set_identifier": "",
                            "ttl": "60",
                            "type": "A",
                            "zone_id": "Z17UOFXP4LI2IE"
                        },
                        "meta": {
                            "schema_version": "2"
                        },
                        "tainted": false
                    },
                    "deposed": [],
                    "provider": ""
                },
                "aws_security_group.upena_miru_sg": {
                    "type": "aws_security_group",
                    "depends_on": [],
                    "primary": {
                        "id": "sg-e0081691",
                        "attributes": {
                            "description": "Allows necessary communication between upena-miru instances",
                            "egress.#": "0",
                            "id": "sg-e0081691",
                            "ingress.#": "2",
                            "ingress.1251094559.cidr_blocks.#": "1",
                            "ingress.1251094559.cidr_blocks.0": "0.0.0.0/0",
                            "ingress.1251094559.from_port": "1175",
                            "ingress.1251094559.ipv6_cidr_blocks.#": "0",
                            "ingress.1251094559.protocol": "tcp",
                            "ingress.1251094559.security_groups.#": "0",
                            "ingress.1251094559.self": "false",
                            "ingress.1251094559.to_port": "1175",
                            "ingress.3258786324.cidr_blocks.#": "1",
                            "ingress.3258786324.cidr_blocks.0": "0.0.0.0/0",
                            "ingress.3258786324.from_port": "10000",
                            "ingress.3258786324.ipv6_cidr_blocks.#": "0",
                            "ingress.3258786324.protocol": "tcp",
                            "ingress.3258786324.security_groups.#": "0",
                            "ingress.3258786324.self": "false",
                            "ingress.3258786324.to_port": "11000",
                            "name": "test-upena-miru",
                            "owner_id": "642745549043",
                            "tags.%": "7",
                            "tags.Account_name": "jive-reco-pipeline",
                            "tags.Jive_service": "upena",
                            "tags.Name": "test-upena-miru",
                            "tags.Pipeline_phase": "test",
                            "tags.Region": "us-east-1",
                            "tags.SLA": "non-prod",
                            "tags.Service_component": "upena-miru",
                            "vpc_id": "vpc-fe43de87"
                        },
                        "meta": {},
                        "tainted": false
                    },
                    "deposed": [],
                    "provider": ""
                },
                "aws_volume_attachment.upena_miru_i1_av0": {
                    "type": "aws_volume_attachment",
                    "depends_on": [
                        "aws_ebs_volume.upena_miru_i1_v0",
                        "aws_instance.upena_miru_i1"
                    ],
                    "primary": {
                        "id": "vai-1096422576",
                        "attributes": {
                            "device_name": "/dev/sdd",
                            "force_detach": "true",
                            "id": "vai-1096422576",
                            "instance_id": "i-01daed2ffcdc56b23",
                            "volume_id": "vol-0aaef2758bd241539"
                        },
                        "meta": {},
                        "tainted": false
                    },
                    "deposed": [],
                    "provider": ""
                },
                "aws_volume_attachment.upena_miru_i1_av1": {
                    "type": "aws_volume_attachment",
                    "depends_on": [
                        "aws_ebs_volume.upena_miru_i1_v1",
                        "aws_instance.upena_miru_i1"
                    ],
                    "primary": {
                        "id": "vai-555673971",
                        "attributes": {
                            "device_name": "/dev/sde",
                            "force_detach": "true",
                            "id": "vai-555673971",
                            "instance_id": "i-01daed2ffcdc56b23",
                            "volume_id": "vol-069281498c381f1da"
                        },
                        "meta": {},
                        "tainted": false
                    },
                    "deposed": [],
                    "provider": ""
                },
                "aws_volume_attachment.upena_miru_i1_av2": {
                    "type": "aws_volume_attachment",
                    "depends_on": [
                        "aws_ebs_volume.upena_miru_i1_v2",
                        "aws_instance.upena_miru_i1"
                    ],
                    "primary": {
                        "id": "vai-1081548948",
                        "attributes": {
                            "device_name": "/dev/sdf",
                            "force_detach": "true",
                            "id": "vai-1081548948",
                            "instance_id": "i-01daed2ffcdc56b23",
                            "volume_id": "vol-006bef591c1e367d8"
                        },
                        "meta": {},
                        "tainted": false
                    },
                    "deposed": [],
                    "provider": ""
                },
                "aws_volume_attachment.upena_miru_i1_av3": {
                    "type": "aws_volume_attachment",
                    "depends_on": [
                        "aws_ebs_volume.upena_miru_i1_v3",
                        "aws_instance.upena_miru_i1"
                    ],
                    "primary": {
                        "id": "vai-3015290350",
                        "attributes": {
                            "device_name": "/dev/sdg",
                            "force_detach": "true",
                            "id": "vai-3015290350",
                            "instance_id": "i-01daed2ffcdc56b23",
                            "volume_id": "vol-0108fe25aa4e0b51e"
                        },
                        "meta": {},
                        "tainted": false
                    },
                    "deposed": [],
                    "provider": ""
                },
                "aws_volume_attachment.upena_miru_i2_av0": {
                    "type": "aws_volume_attachment",
                    "depends_on": [
                        "aws_ebs_volume.upena_miru_i2_v0",
                        "aws_instance.upena_miru_i2"
                    ],
                    "primary": {
                        "id": "vai-3978428184",
                        "attributes": {
                            "device_name": "/dev/sdd",
                            "force_detach": "true",
                            "id": "vai-3978428184",
                            "instance_id": "i-06cb9c4eef1df75cb",
                            "volume_id": "vol-08cee58c4690098ec"
                        },
                        "meta": {},
                        "tainted": false
                    },
                    "deposed": [],
                    "provider": ""
                },
                "aws_volume_attachment.upena_miru_i2_av1": {
                    "type": "aws_volume_attachment",
                    "depends_on": [
                        "aws_ebs_volume.upena_miru_i2_v1",
                        "aws_instance.upena_miru_i2"
                    ],
                    "primary": {
                        "id": "vai-2617614041",
                        "attributes": {
                            "device_name": "/dev/sde",
                            "force_detach": "true",
                            "id": "vai-2617614041",
                            "instance_id": "i-06cb9c4eef1df75cb",
                            "volume_id": "vol-05ce92636e38ca8e6"
                        },
                        "meta": {},
                        "tainted": false
                    },
                    "deposed": [],
                    "provider": ""
                },
                "aws_volume_attachment.upena_miru_i2_av2": {
                    "type": "aws_volume_attachment",
                    "depends_on": [
                        "aws_ebs_volume.upena_miru_i2_v2",
                        "aws_instance.upena_miru_i2"
                    ],
                    "primary": {
                        "id": "vai-2937344383",
                        "attributes": {
                            "device_name": "/dev/sdf",
                            "force_detach": "true",
                            "id": "vai-2937344383",
                            "instance_id": "i-06cb9c4eef1df75cb",
                            "volume_id": "vol-02b304d2db0596c87"
                        },
                        "meta": {},
                        "tainted": false
                    },
                    "deposed": [],
                    "provider": ""
                },
                "aws_volume_attachment.upena_miru_i2_av3": {
                    "type": "aws_volume_attachment",
                    "depends_on": [
                        "aws_ebs_volume.upena_miru_i2_v3",
                        "aws_instance.upena_miru_i2"
                    ],
                    "primary": {
                        "id": "vai-2539708913",
                        "attributes": {
                            "device_name": "/dev/sdg",
                            "force_detach": "true",
                            "id": "vai-2539708913",
                            "instance_id": "i-06cb9c4eef1df75cb",
                            "volume_id": "vol-03269c0e9ef16d51b"
                        },
                        "meta": {},
                        "tainted": false
                    },
                    "deposed": [],
                    "provider": ""
                },
                "aws_volume_attachment.upena_miru_i3_av0": {
                    "type": "aws_volume_attachment",
                    "depends_on": [
                        "aws_ebs_volume.upena_miru_i3_v0",
                        "aws_instance.upena_miru_i3"
                    ],
                    "primary": {
                        "id": "vai-724537218",
                        "attributes": {
                            "device_name": "/dev/sdd",
                            "force_detach": "true",
                            "id": "vai-724537218",
                            "instance_id": "i-0f4ed2a3ad2dca4fe",
                            "volume_id": "vol-0e5e6b7614e5eddea"
                        },
                        "meta": {},
                        "tainted": false
                    },
                    "deposed": [],
                    "provider": ""
                },
                "aws_volume_attachment.upena_miru_i3_av1": {
                    "type": "aws_volume_attachment",
                    "depends_on": [
                        "aws_ebs_volume.upena_miru_i3_v1",
                        "aws_instance.upena_miru_i3"
                    ],
                    "primary": {
                        "id": "vai-2428658723",
                        "attributes": {
                            "device_name": "/dev/sde",
                            "force_detach": "true",
                            "id": "vai-2428658723",
                            "instance_id": "i-0f4ed2a3ad2dca4fe",
                            "volume_id": "vol-0872aa2192d5c1300"
                        },
                        "meta": {},
                        "tainted": false
                    },
                    "deposed": [],
                    "provider": ""
                },
                "aws_volume_attachment.upena_miru_i3_av2": {
                    "type": "aws_volume_attachment",
                    "depends_on": [
                        "aws_ebs_volume.upena_miru_i3_v2",
                        "aws_instance.upena_miru_i3"
                    ],
                    "primary": {
                        "id": "vai-1168067314",
                        "attributes": {
                            "device_name": "/dev/sdf",
                            "force_detach": "true",
                            "id": "vai-1168067314",
                            "instance_id": "i-0f4ed2a3ad2dca4fe",
                            "volume_id": "vol-0ebe13d5a7608d983"
                        },
                        "meta": {},
                        "tainted": false
                    },
                    "deposed": [],
                    "provider": ""
                },
                "aws_volume_attachment.upena_miru_i3_av3": {
                    "type": "aws_volume_attachment",
                    "depends_on": [
                        "aws_ebs_volume.upena_miru_i3_v3",
                        "aws_instance.upena_miru_i3"
                    ],
                    "primary": {
                        "id": "vai-3315719586",
                        "attributes": {
                            "device_name": "/dev/sdg",
                            "force_detach": "true",
                            "id": "vai-3315719586",
                            "instance_id": "i-0f4ed2a3ad2dca4fe",
                            "volume_id": "vol-03db9ca5f8d4b45a4"
                        },
                        "meta": {},
                        "tainted": false
                    },
                    "deposed": [],
                    "provider": ""
                }
            },
            "depends_on": []
        }
    ]
}
