{
    "version": 3,
    "terraform_version": "0.9.4",
    "serial": 6,
    "lineage": "ea4e285d-b675-46c9-8100-f652a7840c54",
    "modules": [
        {
            "path": [
                "root"
            ],
            "outputs": {},
            "resources": {
                "aws_ebs_volume.upena_miru_i1_v0": {
                    "type": "aws_ebs_volume",
                    "depends_on": [],
                    "primary": {
                        "id": "vol-0ccba43ec4d9facbe",
                        "attributes": {
                            "availability_zone": "us-east-1a",
                            "encrypted": "true",
                            "id": "vol-0ccba43ec4d9facbe",
                            "size": "500",
                            "snapshot_id": "",
                            "tags.%": "7",
                            "tags.Account_name": "jive-reco-pipeline",
                            "tags.Jive_service": "upena",
                            "tags.Name": "us-east-1-jive-reco-pipeline-newpena-miru-i1-v0",
                            "tags.Pipeline_phase": "test",
                            "tags.Region": "us-east-1",
                            "tags.SLA": "non-prod",
                            "tags.Service_component": "upena-miru",
                            "type": "st1"
                        },
                        "meta": {},
                        "tainted": false
                    },
                    "deposed": [],
                    "provider": ""
                },
                "aws_ebs_volume.upena_miru_i1_v1": {
                    "type": "aws_ebs_volume",
                    "depends_on": [],
                    "primary": {
                        "id": "vol-0ae17549f61aa2522",
                        "attributes": {
                            "availability_zone": "us-east-1a",
                            "encrypted": "true",
                            "id": "vol-0ae17549f61aa2522",
                            "size": "2000",
                            "snapshot_id": "",
                            "tags.%": "7",
                            "tags.Account_name": "jive-reco-pipeline",
                            "tags.Jive_service": "upena",
                            "tags.Name": "us-east-1-jive-reco-pipeline-newpena-miru-i1-v1",
                            "tags.Pipeline_phase": "test",
                            "tags.Region": "us-east-1",
                            "tags.SLA": "non-prod",
                            "tags.Service_component": "upena-miru",
                            "type": "st1"
                        },
                        "meta": {},
                        "tainted": false
                    },
                    "deposed": [],
                    "provider": ""
                },
                "aws_ebs_volume.upena_miru_i1_v2": {
                    "type": "aws_ebs_volume",
                    "depends_on": [],
                    "primary": {
                        "id": "vol-07744f9edc497efc5",
                        "attributes": {
                            "availability_zone": "us-east-1a",
                            "encrypted": "true",
                            "id": "vol-07744f9edc497efc5",
                            "size": "2000",
                            "snapshot_id": "",
                            "tags.%": "7",
                            "tags.Account_name": "jive-reco-pipeline",
                            "tags.Jive_service": "upena",
                            "tags.Name": "us-east-1-jive-reco-pipeline-newpena-miru-i1-v2",
                            "tags.Pipeline_phase": "test",
                            "tags.Region": "us-east-1",
                            "tags.SLA": "non-prod",
                            "tags.Service_component": "upena-miru",
                            "type": "st1"
                        },
                        "meta": {},
                        "tainted": false
                    },
                    "deposed": [],
                    "provider": ""
                },
                "aws_ebs_volume.upena_miru_i1_v3": {
                    "type": "aws_ebs_volume",
                    "depends_on": [],
                    "primary": {
                        "id": "vol-03f0d02a442891550",
                        "attributes": {
                            "availability_zone": "us-east-1a",
                            "encrypted": "true",
                            "id": "vol-03f0d02a442891550",
                            "size": "2000",
                            "snapshot_id": "",
                            "tags.%": "7",
                            "tags.Account_name": "jive-reco-pipeline",
                            "tags.Jive_service": "upena",
                            "tags.Name": "us-east-1-jive-reco-pipeline-newpena-miru-i1-v3",
                            "tags.Pipeline_phase": "test",
                            "tags.Region": "us-east-1",
                            "tags.SLA": "non-prod",
                            "tags.Service_component": "upena-miru",
                            "type": "st1"
                        },
                        "meta": {},
                        "tainted": false
                    },
                    "deposed": [],
                    "provider": ""
                },
                "aws_ebs_volume.upena_miru_i2_v0": {
                    "type": "aws_ebs_volume",
                    "depends_on": [],
                    "primary": {
                        "id": "vol-02f5323b662dc23cb",
                        "attributes": {
                            "availability_zone": "us-east-1b",
                            "encrypted": "true",
                            "id": "vol-02f5323b662dc23cb",
                            "size": "500",
                            "snapshot_id": "",
                            "tags.%": "7",
                            "tags.Account_name": "jive-reco-pipeline",
                            "tags.Jive_service": "upena",
                            "tags.Name": "us-east-1-jive-reco-pipeline-newpena-miru-i2-v0",
                            "tags.Pipeline_phase": "test",
                            "tags.Region": "us-east-1",
                            "tags.SLA": "non-prod",
                            "tags.Service_component": "upena-miru",
                            "type": "st1"
                        },
                        "meta": {},
                        "tainted": false
                    },
                    "deposed": [],
                    "provider": ""
                },
                "aws_ebs_volume.upena_miru_i2_v1": {
                    "type": "aws_ebs_volume",
                    "depends_on": [],
                    "primary": {
                        "id": "vol-09adee888192336fb",
                        "attributes": {
                            "availability_zone": "us-east-1b",
                            "encrypted": "true",
                            "id": "vol-09adee888192336fb",
                            "size": "2000",
                            "snapshot_id": "",
                            "tags.%": "7",
                            "tags.Account_name": "jive-reco-pipeline",
                            "tags.Jive_service": "upena",
                            "tags.Name": "us-east-1-jive-reco-pipeline-newpena-miru-i2-v1",
                            "tags.Pipeline_phase": "test",
                            "tags.Region": "us-east-1",
                            "tags.SLA": "non-prod",
                            "tags.Service_component": "upena-miru",
                            "type": "st1"
                        },
                        "meta": {},
                        "tainted": false
                    },
                    "deposed": [],
                    "provider": ""
                },
                "aws_ebs_volume.upena_miru_i2_v2": {
                    "type": "aws_ebs_volume",
                    "depends_on": [],
                    "primary": {
                        "id": "vol-0646d3af46e99c05f",
                        "attributes": {
                            "availability_zone": "us-east-1b",
                            "encrypted": "true",
                            "id": "vol-0646d3af46e99c05f",
                            "size": "2000",
                            "snapshot_id": "",
                            "tags.%": "7",
                            "tags.Account_name": "jive-reco-pipeline",
                            "tags.Jive_service": "upena",
                            "tags.Name": "us-east-1-jive-reco-pipeline-newpena-miru-i2-v2",
                            "tags.Pipeline_phase": "test",
                            "tags.Region": "us-east-1",
                            "tags.SLA": "non-prod",
                            "tags.Service_component": "upena-miru",
                            "type": "st1"
                        },
                        "meta": {},
                        "tainted": false
                    },
                    "deposed": [],
                    "provider": ""
                },
                "aws_ebs_volume.upena_miru_i2_v3": {
                    "type": "aws_ebs_volume",
                    "depends_on": [],
                    "primary": {
                        "id": "vol-09b6d4fb2362b924a",
                        "attributes": {
                            "availability_zone": "us-east-1b",
                            "encrypted": "true",
                            "id": "vol-09b6d4fb2362b924a",
                            "size": "2000",
                            "snapshot_id": "",
                            "tags.%": "7",
                            "tags.Account_name": "jive-reco-pipeline",
                            "tags.Jive_service": "upena",
                            "tags.Name": "us-east-1-jive-reco-pipeline-newpena-miru-i2-v3",
                            "tags.Pipeline_phase": "test",
                            "tags.Region": "us-east-1",
                            "tags.SLA": "non-prod",
                            "tags.Service_component": "upena-miru",
                            "type": "st1"
                        },
                        "meta": {},
                        "tainted": false
                    },
                    "deposed": [],
                    "provider": ""
                },
                "aws_ebs_volume.upena_miru_i3_v0": {
                    "type": "aws_ebs_volume",
                    "depends_on": [],
                    "primary": {
                        "id": "vol-094655d5e8d2d0017",
                        "attributes": {
                            "availability_zone": "us-east-1c",
                            "encrypted": "true",
                            "id": "vol-094655d5e8d2d0017",
                            "size": "500",
                            "snapshot_id": "",
                            "tags.%": "7",
                            "tags.Account_name": "jive-reco-pipeline",
                            "tags.Jive_service": "upena",
                            "tags.Name": "us-east-1-jive-reco-pipeline-newpena-miru-i3-v0",
                            "tags.Pipeline_phase": "test",
                            "tags.Region": "us-east-1",
                            "tags.SLA": "non-prod",
                            "tags.Service_component": "upena-miru",
                            "type": "st1"
                        },
                        "meta": {},
                        "tainted": false
                    },
                    "deposed": [],
                    "provider": ""
                },
                "aws_ebs_volume.upena_miru_i3_v1": {
                    "type": "aws_ebs_volume",
                    "depends_on": [],
                    "primary": {
                        "id": "vol-0447fa7226da4a57b",
                        "attributes": {
                            "availability_zone": "us-east-1c",
                            "encrypted": "true",
                            "id": "vol-0447fa7226da4a57b",
                            "size": "2000",
                            "snapshot_id": "",
                            "tags.%": "7",
                            "tags.Account_name": "jive-reco-pipeline",
                            "tags.Jive_service": "upena",
                            "tags.Name": "us-east-1-jive-reco-pipeline-newpena-miru-i3-v1",
                            "tags.Pipeline_phase": "test",
                            "tags.Region": "us-east-1",
                            "tags.SLA": "non-prod",
                            "tags.Service_component": "upena-miru",
                            "type": "st1"
                        },
                        "meta": {},
                        "tainted": false
                    },
                    "deposed": [],
                    "provider": ""
                },
                "aws_ebs_volume.upena_miru_i3_v2": {
                    "type": "aws_ebs_volume",
                    "depends_on": [],
                    "primary": {
                        "id": "vol-0906e8661d509d295",
                        "attributes": {
                            "availability_zone": "us-east-1c",
                            "encrypted": "true",
                            "id": "vol-0906e8661d509d295",
                            "size": "2000",
                            "snapshot_id": "",
                            "tags.%": "7",
                            "tags.Account_name": "jive-reco-pipeline",
                            "tags.Jive_service": "upena",
                            "tags.Name": "us-east-1-jive-reco-pipeline-newpena-miru-i3-v2",
                            "tags.Pipeline_phase": "test",
                            "tags.Region": "us-east-1",
                            "tags.SLA": "non-prod",
                            "tags.Service_component": "upena-miru",
                            "type": "st1"
                        },
                        "meta": {},
                        "tainted": false
                    },
                    "deposed": [],
                    "provider": ""
                },
                "aws_ebs_volume.upena_miru_i3_v3": {
                    "type": "aws_ebs_volume",
                    "depends_on": [],
                    "primary": {
                        "id": "vol-00685b7b25c156c2c",
                        "attributes": {
                            "availability_zone": "us-east-1c",
                            "encrypted": "true",
                            "id": "vol-00685b7b25c156c2c",
                            "size": "2000",
                            "snapshot_id": "",
                            "tags.%": "7",
                            "tags.Account_name": "jive-reco-pipeline",
                            "tags.Jive_service": "upena",
                            "tags.Name": "us-east-1-jive-reco-pipeline-newpena-miru-i3-v3",
                            "tags.Pipeline_phase": "test",
                            "tags.Region": "us-east-1",
                            "tags.SLA": "non-prod",
                            "tags.Service_component": "upena-miru",
                            "type": "st1"
                        },
                        "meta": {},
                        "tainted": false
                    },
                    "deposed": [],
                    "provider": ""
                },
                "aws_instance.upena_miru_i1": {
                    "type": "aws_instance",
                    "depends_on": [
                        "aws_security_group.upena_miru_sg"
                    ],
                    "primary": {
                        "id": "i-0302ec2b5283e2152",
                        "attributes": {
                            "ami": "ami-a4c7edb2",
                            "associate_public_ip_address": "false",
                            "availability_zone": "us-east-1a",
                            "disable_api_termination": "false",
                            "ebs_block_device.#": "0",
                            "ebs_optimized": "true",
                            "ephemeral_block_device.#": "0",
                            "iam_instance_profile": "upena-profile",
                            "id": "i-0302ec2b5283e2152",
                            "instance_state": "running",
                            "instance_type": "r4.xlarge",
                            "ipv6_address_count": "0",
                            "ipv6_addresses.#": "0",
                            "key_name": "reco-pipeline",
                            "monitoring": "false",
                            "network_interface.#": "0",
                            "network_interface_id": "eni-fef4e750",
                            "primary_network_interface_id": "eni-fef4e750",
                            "private_dns": "ip-10-126-20-71.ec2.internal",
                            "private_ip": "10.126.20.71",
                            "public_dns": "",
                            "public_ip": "",
                            "root_block_device.#": "1",
                            "root_block_device.0.delete_on_termination": "true",
                            "root_block_device.0.iops": "0",
                            "root_block_device.0.volume_size": "8",
                            "root_block_device.0.volume_type": "standard",
                            "security_groups.#": "0",
                            "source_dest_check": "true",
                            "subnet_id": "subnet-a17aee8d",
                            "tags.%": "7",
                            "tags.Account_name": "jive-reco-pipeline",
                            "tags.Jive_service": "upena",
                            "tags.Name": "us-east-1-jive-reco-pipeline-newpena-miru-i1",
                            "tags.Pipeline_phase": "test",
                            "tags.Region": "us-east-1",
                            "tags.SLA": "non-prod",
                            "tags.Service_component": "upena-miru",
                            "tenancy": "default",
                            "user_data": "45408852e0b00c5ba08fca17e6f3d88d2df835ff",
                            "volume_tags.%": "0",
                            "vpc_security_group_ids.#": "2",
                            "vpc_security_group_ids.1842660174": "sg-b8af6ec8",
                            "vpc_security_group_ids.4093346197": "sg-87e39bf6"
                        },
                        "meta": {
                            "schema_version": "1"
                        },
                        "tainted": false
                    },
                    "deposed": [],
                    "provider": ""
                },
                "aws_instance.upena_miru_i2": {
                    "type": "aws_instance",
                    "depends_on": [
                        "aws_security_group.upena_miru_sg"
                    ],
                    "primary": {
                        "id": "i-07b82acfe7fc1b410",
                        "attributes": {
                            "ami": "ami-a4c7edb2",
                            "associate_public_ip_address": "false",
                            "availability_zone": "us-east-1b",
                            "disable_api_termination": "false",
                            "ebs_block_device.#": "0",
                            "ebs_optimized": "true",
                            "ephemeral_block_device.#": "0",
                            "iam_instance_profile": "upena-profile",
                            "id": "i-07b82acfe7fc1b410",
                            "instance_state": "running",
                            "instance_type": "r4.xlarge",
                            "ipv6_address_count": "0",
                            "ipv6_addresses.#": "0",
                            "key_name": "reco-pipeline",
                            "monitoring": "false",
                            "network_interface.#": "0",
                            "network_interface_id": "eni-c8ec6f1d",
                            "primary_network_interface_id": "eni-c8ec6f1d",
                            "private_dns": "ip-10-126-20-197.ec2.internal",
                            "private_ip": "10.126.20.197",
                            "public_dns": "",
                            "public_ip": "",
                            "root_block_device.#": "1",
                            "root_block_device.0.delete_on_termination": "true",
                            "root_block_device.0.iops": "0",
                            "root_block_device.0.volume_size": "8",
                            "root_block_device.0.volume_type": "standard",
                            "security_groups.#": "0",
                            "source_dest_check": "true",
                            "subnet_id": "subnet-b4450afc",
                            "tags.%": "7",
                            "tags.Account_name": "jive-reco-pipeline",
                            "tags.Jive_service": "upena",
                            "tags.Name": "us-east-1-jive-reco-pipeline-newpena-miru-i2",
                            "tags.Pipeline_phase": "test",
                            "tags.Region": "us-east-1",
                            "tags.SLA": "non-prod",
                            "tags.Service_component": "upena-miru",
                            "tenancy": "default",
                            "user_data": "45408852e0b00c5ba08fca17e6f3d88d2df835ff",
                            "volume_tags.%": "0",
                            "vpc_security_group_ids.#": "2",
                            "vpc_security_group_ids.1842660174": "sg-b8af6ec8",
                            "vpc_security_group_ids.4093346197": "sg-87e39bf6"
                        },
                        "meta": {
                            "schema_version": "1"
                        },
                        "tainted": false
                    },
                    "deposed": [],
                    "provider": ""
                },
                "aws_instance.upena_miru_i3": {
                    "type": "aws_instance",
                    "depends_on": [
                        "aws_security_group.upena_miru_sg"
                    ],
                    "primary": {
                        "id": "i-03d7227057dde3547",
                        "attributes": {
                            "ami": "ami-a4c7edb2",
                            "associate_public_ip_address": "false",
                            "availability_zone": "us-east-1c",
                            "disable_api_termination": "false",
                            "ebs_block_device.#": "0",
                            "ebs_optimized": "true",
                            "ephemeral_block_device.#": "0",
                            "iam_instance_profile": "upena-profile",
                            "id": "i-03d7227057dde3547",
                            "instance_state": "running",
                            "instance_type": "r4.xlarge",
                            "ipv6_address_count": "0",
                            "ipv6_addresses.#": "0",
                            "key_name": "reco-pipeline",
                            "monitoring": "false",
                            "network_interface.#": "0",
                            "network_interface_id": "eni-65d27dce",
                            "primary_network_interface_id": "eni-65d27dce",
                            "private_dns": "ip-10-126-21-15.ec2.internal",
                            "private_ip": "10.126.21.15",
                            "public_dns": "",
                            "public_ip": "",
                            "root_block_device.#": "1",
                            "root_block_device.0.delete_on_termination": "true",
                            "root_block_device.0.iops": "0",
                            "root_block_device.0.volume_size": "8",
                            "root_block_device.0.volume_type": "standard",
                            "security_groups.#": "0",
                            "source_dest_check": "true",
                            "subnet_id": "subnet-14139f4e",
                            "tags.%": "7",
                            "tags.Account_name": "jive-reco-pipeline",
                            "tags.Jive_service": "upena",
                            "tags.Name": "us-east-1-jive-reco-pipeline-newpena-miru-i3",
                            "tags.Pipeline_phase": "test",
                            "tags.Region": "us-east-1",
                            "tags.SLA": "non-prod",
                            "tags.Service_component": "upena-miru",
                            "tenancy": "default",
                            "user_data": "45408852e0b00c5ba08fca17e6f3d88d2df835ff",
                            "volume_tags.%": "0",
                            "vpc_security_group_ids.#": "2",
                            "vpc_security_group_ids.1842660174": "sg-b8af6ec8",
                            "vpc_security_group_ids.4093346197": "sg-87e39bf6"
                        },
                        "meta": {
                            "schema_version": "1"
                        },
                        "tainted": false
                    },
                    "deposed": [],
                    "provider": ""
                },
                "aws_route53_record.newpena_miru_ri1": {
                    "type": "aws_route53_record",
                    "depends_on": [
                        "aws_instance.upena_miru_i1"
                    ],
                    "primary": {
                        "id": "Z17UOFXP4LI2IE_us-east-1-jive-reco-pipeline-newpena-miru-i1_A",
                        "attributes": {
                            "fqdn": "us-east-1-jive-reco-pipeline-newpena-miru-i1.jiveprivate.com",
                            "health_check_id": "",
                            "id": "Z17UOFXP4LI2IE_us-east-1-jive-reco-pipeline-newpena-miru-i1_A",
                            "name": "us-east-1-jive-reco-pipeline-newpena-miru-i1",
                            "records.#": "1",
                            "records.1573939303": "10.126.20.71",
                            "set_identifier": "",
                            "ttl": "60",
                            "type": "A",
                            "zone_id": "Z17UOFXP4LI2IE"
                        },
                        "meta": {
                            "schema_version": "2"
                        },
                        "tainted": false
                    },
                    "deposed": [],
                    "provider": ""
                },
                "aws_route53_record.newpena_miru_ri2": {
                    "type": "aws_route53_record",
                    "depends_on": [
                        "aws_instance.upena_miru_i2"
                    ],
                    "primary": {
                        "id": "Z17UOFXP4LI2IE_us-east-1-jive-reco-pipeline-newpena-miru-i2_A",
                        "attributes": {
                            "fqdn": "us-east-1-jive-reco-pipeline-newpena-miru-i2.jiveprivate.com",
                            "health_check_id": "",
                            "id": "Z17UOFXP4LI2IE_us-east-1-jive-reco-pipeline-newpena-miru-i2_A",
                            "name": "us-east-1-jive-reco-pipeline-newpena-miru-i2",
                            "records.#": "1",
                            "records.1969264811": "10.126.20.197",
                            "set_identifier": "",
                            "ttl": "60",
                            "type": "A",
                            "zone_id": "Z17UOFXP4LI2IE"
                        },
                        "meta": {
                            "schema_version": "2"
                        },
                        "tainted": false
                    },
                    "deposed": [],
                    "provider": ""
                },
                "aws_route53_record.newpena_miru_ri3": {
                    "type": "aws_route53_record",
                    "depends_on": [
                        "aws_instance.upena_miru_i3"
                    ],
                    "primary": {
                        "id": "Z17UOFXP4LI2IE_us-east-1-jive-reco-pipeline-newpena-miru-i3_A",
                        "attributes": {
                            "fqdn": "us-east-1-jive-reco-pipeline-newpena-miru-i3.jiveprivate.com",
                            "health_check_id": "",
                            "id": "Z17UOFXP4LI2IE_us-east-1-jive-reco-pipeline-newpena-miru-i3_A",
                            "name": "us-east-1-jive-reco-pipeline-newpena-miru-i3",
                            "records.#": "1",
                            "records.3025890461": "10.126.21.15",
                            "set_identifier": "",
                            "ttl": "60",
                            "type": "A",
                            "zone_id": "Z17UOFXP4LI2IE"
                        },
                        "meta": {
                            "schema_version": "2"
                        },
                        "tainted": false
                    },
                    "deposed": [],
                    "provider": ""
                },
                "aws_security_group.upena_miru_sg": {
                    "type": "aws_security_group",
                    "depends_on": [],
                    "primary": {
                        "id": "sg-b8af6ec8",
                        "attributes": {
                            "description": "Allows necessary communication between upena-miru instances",
                            "egress.#": "0",
                            "id": "sg-b8af6ec8",
                            "ingress.#": "2",
                            "ingress.1251094559.cidr_blocks.#": "1",
                            "ingress.1251094559.cidr_blocks.0": "0.0.0.0/0",
                            "ingress.1251094559.from_port": "1175",
                            "ingress.1251094559.ipv6_cidr_blocks.#": "0",
                            "ingress.1251094559.protocol": "tcp",
                            "ingress.1251094559.security_groups.#": "0",
                            "ingress.1251094559.self": "false",
                            "ingress.1251094559.to_port": "1175",
                            "ingress.3258786324.cidr_blocks.#": "1",
                            "ingress.3258786324.cidr_blocks.0": "0.0.0.0/0",
                            "ingress.3258786324.from_port": "10000",
                            "ingress.3258786324.ipv6_cidr_blocks.#": "0",
                            "ingress.3258786324.protocol": "tcp",
                            "ingress.3258786324.security_groups.#": "0",
                            "ingress.3258786324.self": "false",
                            "ingress.3258786324.to_port": "11000",
                            "name": "us-east-1-jive-reco-pipeline-upena-miru",
                            "owner_id": "642745549043",
                            "tags.%": "7",
                            "tags.Account_name": "jive-reco-pipeline",
                            "tags.Jive_service": "upena",
                            "tags.Name": "us-east-1-jive-reco-pipeline-upena-miru",
                            "tags.Pipeline_phase": "test",
                            "tags.Region": "us-east-1",
                            "tags.SLA": "non-prod",
                            "tags.Service_component": "upena-miru",
                            "vpc_id": "vpc-fe43de87"
                        },
                        "meta": {},
                        "tainted": false
                    },
                    "deposed": [],
                    "provider": ""
                },
                "aws_volume_attachment.upena_miru_i1_av0": {
                    "type": "aws_volume_attachment",
                    "depends_on": [
                        "aws_ebs_volume.upena_miru_i1_v0",
                        "aws_instance.upena_miru_i1"
                    ],
                    "primary": {
                        "id": "vai-963737035",
                        "attributes": {
                            "device_name": "/dev/sdd",
                            "force_detach": "true",
                            "id": "vai-963737035",
                            "instance_id": "i-0302ec2b5283e2152",
                            "volume_id": "vol-0ccba43ec4d9facbe"
                        },
                        "meta": {},
                        "tainted": false
                    },
                    "deposed": [],
                    "provider": ""
                },
                "aws_volume_attachment.upena_miru_i1_av1": {
                    "type": "aws_volume_attachment",
                    "depends_on": [
                        "aws_ebs_volume.upena_miru_i1_v1",
                        "aws_instance.upena_miru_i1"
                    ],
                    "primary": {
                        "id": "vai-3754314829",
                        "attributes": {
                            "device_name": "/dev/sde",
                            "force_detach": "true",
                            "id": "vai-3754314829",
                            "instance_id": "i-0302ec2b5283e2152",
                            "volume_id": "vol-0ae17549f61aa2522"
                        },
                        "meta": {},
                        "tainted": false
                    },
                    "deposed": [],
                    "provider": ""
                },
                "aws_volume_attachment.upena_miru_i1_av2": {
                    "type": "aws_volume_attachment",
                    "depends_on": [
                        "aws_ebs_volume.upena_miru_i1_v2",
                        "aws_instance.upena_miru_i1"
                    ],
                    "primary": {
                        "id": "vai-3678460674",
                        "attributes": {
                            "device_name": "/dev/sdf",
                            "force_detach": "true",
                            "id": "vai-3678460674",
                            "instance_id": "i-0302ec2b5283e2152",
                            "volume_id": "vol-07744f9edc497efc5"
                        },
                        "meta": {},
                        "tainted": false
                    },
                    "deposed": [],
                    "provider": ""
                },
                "aws_volume_attachment.upena_miru_i1_av3": {
                    "type": "aws_volume_attachment",
                    "depends_on": [
                        "aws_ebs_volume.upena_miru_i1_v3",
                        "aws_instance.upena_miru_i1"
                    ],
                    "primary": {
                        "id": "vai-3579488816",
                        "attributes": {
                            "device_name": "/dev/sdg",
                            "force_detach": "true",
                            "id": "vai-3579488816",
                            "instance_id": "i-0302ec2b5283e2152",
                            "volume_id": "vol-03f0d02a442891550"
                        },
                        "meta": {},
                        "tainted": false
                    },
                    "deposed": [],
                    "provider": ""
                },
                "aws_volume_attachment.upena_miru_i2_av0": {
                    "type": "aws_volume_attachment",
                    "depends_on": [
                        "aws_ebs_volume.upena_miru_i2_v0",
                        "aws_instance.upena_miru_i2"
                    ],
                    "primary": {
                        "id": "vai-1716843206",
                        "attributes": {
                            "device_name": "/dev/sdd",
                            "force_detach": "true",
                            "id": "vai-1716843206",
                            "instance_id": "i-07b82acfe7fc1b410",
                            "volume_id": "vol-02f5323b662dc23cb"
                        },
                        "meta": {},
                        "tainted": false
                    },
                    "deposed": [],
                    "provider": ""
                },
                "aws_volume_attachment.upena_miru_i2_av1": {
                    "type": "aws_volume_attachment",
                    "depends_on": [
                        "aws_ebs_volume.upena_miru_i2_v1",
                        "aws_instance.upena_miru_i2"
                    ],
                    "primary": {
                        "id": "vai-350357378",
                        "attributes": {
                            "device_name": "/dev/sde",
                            "force_detach": "true",
                            "id": "vai-350357378",
                            "instance_id": "i-07b82acfe7fc1b410",
                            "volume_id": "vol-09adee888192336fb"
                        },
                        "meta": {},
                        "tainted": false
                    },
                    "deposed": [],
                    "provider": ""
                },
                "aws_volume_attachment.upena_miru_i2_av2": {
                    "type": "aws_volume_attachment",
                    "depends_on": [
                        "aws_ebs_volume.upena_miru_i2_v2",
                        "aws_instance.upena_miru_i2"
                    ],
                    "primary": {
                        "id": "vai-1339783917",
                        "attributes": {
                            "device_name": "/dev/sdf",
                            "force_detach": "true",
                            "id": "vai-1339783917",
                            "instance_id": "i-07b82acfe7fc1b410",
                            "volume_id": "vol-0646d3af46e99c05f"
                        },
                        "meta": {},
                        "tainted": false
                    },
                    "deposed": [],
                    "provider": ""
                },
                "aws_volume_attachment.upena_miru_i2_av3": {
                    "type": "aws_volume_attachment",
                    "depends_on": [
                        "aws_ebs_volume.upena_miru_i2_v3",
                        "aws_instance.upena_miru_i2"
                    ],
                    "primary": {
                        "id": "vai-4023173757",
                        "attributes": {
                            "device_name": "/dev/sdg",
                            "force_detach": "true",
                            "id": "vai-4023173757",
                            "instance_id": "i-07b82acfe7fc1b410",
                            "volume_id": "vol-09b6d4fb2362b924a"
                        },
                        "meta": {},
                        "tainted": false
                    },
                    "deposed": [],
                    "provider": ""
                },
                "aws_volume_attachment.upena_miru_i3_av0": {
                    "type": "aws_volume_attachment",
                    "depends_on": [
                        "aws_ebs_volume.upena_miru_i3_v0",
                        "aws_instance.upena_miru_i3"
                    ],
                    "primary": {
                        "id": "vai-541980932",
                        "attributes": {
                            "device_name": "/dev/sdd",
                            "force_detach": "true",
                            "id": "vai-541980932",
                            "instance_id": "i-03d7227057dde3547",
                            "volume_id": "vol-094655d5e8d2d0017"
                        },
                        "meta": {},
                        "tainted": false
                    },
                    "deposed": [],
                    "provider": ""
                },
                "aws_volume_attachment.upena_miru_i3_av1": {
                    "type": "aws_volume_attachment",
                    "depends_on": [
                        "aws_ebs_volume.upena_miru_i3_v1",
                        "aws_instance.upena_miru_i3"
                    ],
                    "primary": {
                        "id": "vai-770894294",
                        "attributes": {
                            "device_name": "/dev/sde",
                            "force_detach": "true",
                            "id": "vai-770894294",
                            "instance_id": "i-03d7227057dde3547",
                            "volume_id": "vol-0447fa7226da4a57b"
                        },
                        "meta": {},
                        "tainted": false
                    },
                    "deposed": [],
                    "provider": ""
                },
                "aws_volume_attachment.upena_miru_i3_av2": {
                    "type": "aws_volume_attachment",
                    "depends_on": [
                        "aws_ebs_volume.upena_miru_i3_v2",
                        "aws_instance.upena_miru_i3"
                    ],
                    "primary": {
                        "id": "vai-1217147780",
                        "attributes": {
                            "device_name": "/dev/sdf",
                            "force_detach": "true",
                            "id": "vai-1217147780",
                            "instance_id": "i-03d7227057dde3547",
                            "volume_id": "vol-0906e8661d509d295"
                        },
                        "meta": {},
                        "tainted": false
                    },
                    "deposed": [],
                    "provider": ""
                },
                "aws_volume_attachment.upena_miru_i3_av3": {
                    "type": "aws_volume_attachment",
                    "depends_on": [
                        "aws_ebs_volume.upena_miru_i3_v3",
                        "aws_instance.upena_miru_i3"
                    ],
                    "primary": {
                        "id": "vai-3889739854",
                        "attributes": {
                            "device_name": "/dev/sdg",
                            "force_detach": "true",
                            "id": "vai-3889739854",
                            "instance_id": "i-03d7227057dde3547",
                            "volume_id": "vol-00685b7b25c156c2c"
                        },
                        "meta": {},
                        "tainted": false
                    },
                    "deposed": [],
                    "provider": ""
                }
            },
            "depends_on": []
        }
    ]
}
