{
    "version": 3,
    "terraform_version": "0.9.4",
    "serial": 39,
    "lineage": "d121de9b-924e-4230-ba6a-61a8dbaa856d",
    "modules": [
        {
            "path": [
                "root"
            ],
            "outputs": {},
            "resources": {
                "aws_autoscaling_group.k8s_etcd_asg.0": {
                    "type": "aws_autoscaling_group",
                    "depends_on": [
                        "aws_eip.k8s_etcd_eip.*",
                        "aws_launch_configuration.k8s_etcd",
                        "data.aws_subnet.natdc.*",
                        "null_resource.k8s_cluster"
                    ],
                    "primary": {
                        "id": "pipeline-dcp-k8s-etcd-asg1",
                        "attributes": {
                            "arn": "arn:aws:autoscaling:us-west-2:517449413234:autoScalingGroup:05db2a99-ac59-4db1-afb9-b3078bfba07d:autoScalingGroupName/pipeline-dcp-k8s-etcd-asg1",
                            "availability_zones.#": "1",
                            "availability_zones.2487133097": "us-west-2a",
                            "default_cooldown": "300",
                            "desired_capacity": "1",
                            "force_delete": "false",
                            "health_check_grace_period": "300",
                            "health_check_type": "EC2",
                            "id": "pipeline-dcp-k8s-etcd-asg1",
                            "launch_configuration": "terraform-00ce21f4bc7f1176920b8f4866",
                            "load_balancers.#": "0",
                            "max_size": "1",
                            "metrics_granularity": "1Minute",
                            "min_size": "1",
                            "name": "pipeline-dcp-k8s-etcd-asg1",
                            "placement_group": "",
                            "protect_from_scale_in": "false",
                            "suspended_processes.#": "0",
                            "tag.#": "10",
                            "tag.1483435392.key": "KubernetesCluster",
                            "tag.1483435392.propagate_at_launch": "true",
                            "tag.1483435392.value": "us-west-2_jive-infra-pipeline-dcp",
                            "tag.1838214804.key": "Pipeline_phase",
                            "tag.1838214804.propagate_at_launch": "true",
                            "tag.1838214804.value": "pipeline-dcp",
                            "tag.2171620740.key": "Name",
                            "tag.2171620740.propagate_at_launch": "true",
                            "tag.2171620740.value": "pipeline-dcp-k8s-etcd-instance",
                            "tag.2172967744.key": "Etcd_ip",
                            "tag.2172967744.propagate_at_launch": "true",
                            "tag.2172967744.value": "10.122.83.40",
                            "tag.3187119633.key": "Service_component",
                            "tag.3187119633.propagate_at_launch": "true",
                            "tag.3187119633.value": "etcd",
                            "tag.3326551196.key": "K8s_cluster",
                            "tag.3326551196.propagate_at_launch": "true",
                            "tag.3326551196.value": "us-west-2_jive-infra-pipeline-dcp",
                            "tag.3443088113.key": "Jive_service",
                            "tag.3443088113.propagate_at_launch": "true",
                            "tag.3443088113.value": "us-west-2_jive-infra-pipeline-dcp",
                            "tag.3767096825.key": "SLA",
                            "tag.3767096825.propagate_at_launch": "true",
                            "tag.3767096825.value": "non-prod",
                            "tag.3814582836.key": "Hostname",
                            "tag.3814582836.propagate_at_launch": "true",
                            "tag.3814582836.value": "us-west-2_jive-infra-pipeline-dcp-etcd1",
                            "tag.4279558224.key": "Region",
                            "tag.4279558224.propagate_at_launch": "true",
                            "tag.4279558224.value": "us-west-2",
                            "target_group_arns.#": "0",
                            "termination_policies.#": "0",
                            "vpc_zone_identifier.#": "1",
                            "vpc_zone_identifier.4220560499": "subnet-fec05d88",
                            "wait_for_capacity_timeout": "10m"
                        },
                        "meta": {},
                        "tainted": false
                    },
                    "deposed": [],
                    "provider": ""
                },
                "aws_autoscaling_group.k8s_etcd_asg.1": {
                    "type": "aws_autoscaling_group",
                    "depends_on": [
                        "aws_eip.k8s_etcd_eip.*",
                        "aws_launch_configuration.k8s_etcd",
                        "data.aws_subnet.natdc.*",
                        "null_resource.k8s_cluster"
                    ],
                    "primary": {
                        "id": "pipeline-dcp-k8s-etcd-asg2",
                        "attributes": {
                            "arn": "arn:aws:autoscaling:us-west-2:517449413234:autoScalingGroup:3aebafc5-3054-40ce-8898-ea40105bc72d:autoScalingGroupName/pipeline-dcp-k8s-etcd-asg2",
                            "availability_zones.#": "1",
                            "availability_zones.221770259": "us-west-2b",
                            "default_cooldown": "300",
                            "desired_capacity": "1",
                            "force_delete": "false",
                            "health_check_grace_period": "300",
                            "health_check_type": "EC2",
                            "id": "pipeline-dcp-k8s-etcd-asg2",
                            "launch_configuration": "terraform-00ce21f4bc7f1176920b8f4866",
                            "load_balancers.#": "0",
                            "max_size": "1",
                            "metrics_granularity": "1Minute",
                            "min_size": "1",
                            "name": "pipeline-dcp-k8s-etcd-asg2",
                            "placement_group": "",
                            "protect_from_scale_in": "false",
                            "suspended_processes.#": "0",
                            "tag.#": "10",
                            "tag.1483435392.key": "KubernetesCluster",
                            "tag.1483435392.propagate_at_launch": "true",
                            "tag.1483435392.value": "us-west-2_jive-infra-pipeline-dcp",
                            "tag.1838214804.key": "Pipeline_phase",
                            "tag.1838214804.propagate_at_launch": "true",
                            "tag.1838214804.value": "pipeline-dcp",
                            "tag.2042062273.key": "Etcd_ip",
                            "tag.2042062273.propagate_at_launch": "true",
                            "tag.2042062273.value": "10.122.87.81",
                            "tag.2171620740.key": "Name",
                            "tag.2171620740.propagate_at_launch": "true",
                            "tag.2171620740.value": "pipeline-dcp-k8s-etcd-instance",
                            "tag.3187119633.key": "Service_component",
                            "tag.3187119633.propagate_at_launch": "true",
                            "tag.3187119633.value": "etcd",
                            "tag.3326551196.key": "K8s_cluster",
                            "tag.3326551196.propagate_at_launch": "true",
                            "tag.3326551196.value": "us-west-2_jive-infra-pipeline-dcp",
                            "tag.3443088113.key": "Jive_service",
                            "tag.3443088113.propagate_at_launch": "true",
                            "tag.3443088113.value": "us-west-2_jive-infra-pipeline-dcp",
                            "tag.3535138985.key": "Hostname",
                            "tag.3535138985.propagate_at_launch": "true",
                            "tag.3535138985.value": "us-west-2_jive-infra-pipeline-dcp-etcd2",
                            "tag.3767096825.key": "SLA",
                            "tag.3767096825.propagate_at_launch": "true",
                            "tag.3767096825.value": "non-prod",
                            "tag.4279558224.key": "Region",
                            "tag.4279558224.propagate_at_launch": "true",
                            "tag.4279558224.value": "us-west-2",
                            "target_group_arns.#": "0",
                            "termination_policies.#": "0",
                            "vpc_zone_identifier.#": "1",
                            "vpc_zone_identifier.3731094348": "subnet-5ccbb138",
                            "wait_for_capacity_timeout": "10m"
                        },
                        "meta": {},
                        "tainted": false
                    },
                    "deposed": [],
                    "provider": ""
                },
                "aws_autoscaling_group.k8s_etcd_asg.2": {
                    "type": "aws_autoscaling_group",
                    "depends_on": [
                        "aws_eip.k8s_etcd_eip.*",
                        "aws_launch_configuration.k8s_etcd",
                        "data.aws_subnet.natdc.*",
                        "null_resource.k8s_cluster"
                    ],
                    "primary": {
                        "id": "pipeline-dcp-k8s-etcd-asg3",
                        "attributes": {
                            "arn": "arn:aws:autoscaling:us-west-2:517449413234:autoScalingGroup:18cebdc0-f70b-4dc2-bbf8-5116054727fe:autoScalingGroupName/pipeline-dcp-k8s-etcd-asg3",
                            "availability_zones.#": "1",
                            "availability_zones.2050015877": "us-west-2c",
                            "default_cooldown": "300",
                            "desired_capacity": "1",
                            "force_delete": "false",
                            "health_check_grace_period": "300",
                            "health_check_type": "EC2",
                            "id": "pipeline-dcp-k8s-etcd-asg3",
                            "launch_configuration": "terraform-00ce21f4bc7f1176920b8f4866",
                            "load_balancers.#": "0",
                            "max_size": "1",
                            "metrics_granularity": "1Minute",
                            "min_size": "1",
                            "name": "pipeline-dcp-k8s-etcd-asg3",
                            "placement_group": "",
                            "protect_from_scale_in": "false",
                            "suspended_processes.#": "0",
                            "tag.#": "10",
                            "tag.1483435392.key": "KubernetesCluster",
                            "tag.1483435392.propagate_at_launch": "true",
                            "tag.1483435392.value": "us-west-2_jive-infra-pipeline-dcp",
                            "tag.1838214804.key": "Pipeline_phase",
                            "tag.1838214804.propagate_at_launch": "true",
                            "tag.1838214804.value": "pipeline-dcp",
                            "tag.1903458603.key": "Etcd_ip",
                            "tag.1903458603.propagate_at_launch": "true",
                            "tag.1903458603.value": "10.122.89.255",
                            "tag.1958935325.key": "Hostname",
                            "tag.1958935325.propagate_at_launch": "true",
                            "tag.1958935325.value": "us-west-2_jive-infra-pipeline-dcp-etcd3",
                            "tag.2171620740.key": "Name",
                            "tag.2171620740.propagate_at_launch": "true",
                            "tag.2171620740.value": "pipeline-dcp-k8s-etcd-instance",
                            "tag.3187119633.key": "Service_component",
                            "tag.3187119633.propagate_at_launch": "true",
                            "tag.3187119633.value": "etcd",
                            "tag.3326551196.key": "K8s_cluster",
                            "tag.3326551196.propagate_at_launch": "true",
                            "tag.3326551196.value": "us-west-2_jive-infra-pipeline-dcp",
                            "tag.3443088113.key": "Jive_service",
                            "tag.3443088113.propagate_at_launch": "true",
                            "tag.3443088113.value": "us-west-2_jive-infra-pipeline-dcp",
                            "tag.3767096825.key": "SLA",
                            "tag.3767096825.propagate_at_launch": "true",
                            "tag.3767096825.value": "non-prod",
                            "tag.4279558224.key": "Region",
                            "tag.4279558224.propagate_at_launch": "true",
                            "tag.4279558224.value": "us-west-2",
                            "target_group_arns.#": "0",
                            "termination_policies.#": "0",
                            "vpc_zone_identifier.#": "1",
                            "vpc_zone_identifier.2338468844": "subnet-1767bf4f",
                            "wait_for_capacity_timeout": "10m"
                        },
                        "meta": {},
                        "tainted": false
                    },
                    "deposed": [],
                    "provider": ""
                },
                "aws_autoscaling_group.k8s_master": {
                    "type": "aws_autoscaling_group",
                    "depends_on": [
                        "aws_elb.k8s_master",
                        "aws_launch_configuration.k8s_master",
                        "null_resource.k8s_cluster"
                    ],
                    "primary": {
                        "id": "pipeline-dcp-k8s-master-asg1",
                        "attributes": {
                            "arn": "arn:aws:autoscaling:us-west-2:517449413234:autoScalingGroup:59438b2c-da54-4cb5-b942-814bc00c0814:autoScalingGroupName/pipeline-dcp-k8s-master-asg1",
                            "availability_zones.#": "1",
                            "availability_zones.2487133097": "us-west-2a",
                            "default_cooldown": "300",
                            "desired_capacity": "1",
                            "force_delete": "false",
                            "health_check_grace_period": "300",
                            "health_check_type": "EC2",
                            "id": "pipeline-dcp-k8s-master-asg1",
                            "launch_configuration": "terraform-00ce21f4bc7f1176920b8f4865",
                            "load_balancers.#": "1",
                            "load_balancers.2439318445": "pipeline-dcp-k8s-master-elb",
                            "max_size": "1",
                            "metrics_granularity": "1Minute",
                            "min_size": "1",
                            "name": "pipeline-dcp-k8s-master-asg1",
                            "placement_group": "",
                            "protect_from_scale_in": "false",
                            "suspended_processes.#": "0",
                            "tag.#": "9",
                            "tag.1483435392.key": "KubernetesCluster",
                            "tag.1483435392.propagate_at_launch": "true",
                            "tag.1483435392.value": "us-west-2_jive-infra-pipeline-dcp",
                            "tag.1838214804.key": "Pipeline_phase",
                            "tag.1838214804.propagate_at_launch": "true",
                            "tag.1838214804.value": "pipeline-dcp",
                            "tag.2060185204.key": "Hostname",
                            "tag.2060185204.propagate_at_launch": "true",
                            "tag.2060185204.value": "us-west-2_jive-infra-pipeline-dcp-master1",
                            "tag.3116370667.key": "Service_component",
                            "tag.3116370667.propagate_at_launch": "true",
                            "tag.3116370667.value": "k8s-master",
                            "tag.3323807927.key": "Name",
                            "tag.3323807927.propagate_at_launch": "true",
                            "tag.3323807927.value": "pipeline-dcp-k8s-master-instance",
                            "tag.3326551196.key": "K8s_cluster",
                            "tag.3326551196.propagate_at_launch": "true",
                            "tag.3326551196.value": "us-west-2_jive-infra-pipeline-dcp",
                            "tag.3443088113.key": "Jive_service",
                            "tag.3443088113.propagate_at_launch": "true",
                            "tag.3443088113.value": "us-west-2_jive-infra-pipeline-dcp",
                            "tag.3767096825.key": "SLA",
                            "tag.3767096825.propagate_at_launch": "true",
                            "tag.3767096825.value": "non-prod",
                            "tag.4279558224.key": "Region",
                            "tag.4279558224.propagate_at_launch": "true",
                            "tag.4279558224.value": "us-west-2",
                            "target_group_arns.#": "0",
                            "termination_policies.#": "0",
                            "vpc_zone_identifier.#": "1",
                            "vpc_zone_identifier.4220560499": "subnet-fec05d88",
                            "wait_for_capacity_timeout": "10m"
                        },
                        "meta": {},
                        "tainted": false
                    },
                    "deposed": [],
                    "provider": ""
                },
                "aws_autoscaling_group.k8s_worker_asg.0": {
                    "type": "aws_autoscaling_group",
                    "depends_on": [
                        "aws_launch_configuration.k8s_worker",
                        "null_resource.k8s_cluster"
                    ],
                    "primary": {
                        "id": "pipeline-dcp-k8s-worker-asg1",
                        "attributes": {
                            "arn": "arn:aws:autoscaling:us-west-2:517449413234:autoScalingGroup:2c4d5e77-1e61-4607-b252-49c9b277807a:autoScalingGroupName/pipeline-dcp-k8s-worker-asg1",
                            "availability_zones.#": "1",
                            "availability_zones.2487133097": "us-west-2a",
                            "default_cooldown": "300",
                            "desired_capacity": "1",
                            "force_delete": "false",
                            "health_check_grace_period": "300",
                            "health_check_type": "EC2",
                            "id": "pipeline-dcp-k8s-worker-asg1",
                            "launch_configuration": "terraform-00ce21f4bc7f1176920b8f4864",
                            "load_balancers.#": "0",
                            "max_size": "6",
                            "metrics_granularity": "1Minute",
                            "min_size": "1",
                            "name": "pipeline-dcp-k8s-worker-asg1",
                            "placement_group": "",
                            "protect_from_scale_in": "false",
                            "suspended_processes.#": "0",
                            "tag.#": "9",
                            "tag.1483435392.key": "KubernetesCluster",
                            "tag.1483435392.propagate_at_launch": "true",
                            "tag.1483435392.value": "us-west-2_jive-infra-pipeline-dcp",
                            "tag.1510564127.key": "Name",
                            "tag.1510564127.propagate_at_launch": "true",
                            "tag.1510564127.value": "pipeline-dcp-k8s-worker-instance",
                            "tag.1838214804.key": "Pipeline_phase",
                            "tag.1838214804.propagate_at_launch": "true",
                            "tag.1838214804.value": "pipeline-dcp",
                            "tag.2157698622.key": "Hostname",
                            "tag.2157698622.propagate_at_launch": "true",
                            "tag.2157698622.value": "k8s-node1",
                            "tag.228639812.key": "Service_component",
                            "tag.228639812.propagate_at_launch": "true",
                            "tag.228639812.value": "k8s-node",
                            "tag.3326551196.key": "K8s_cluster",
                            "tag.3326551196.propagate_at_launch": "true",
                            "tag.3326551196.value": "us-west-2_jive-infra-pipeline-dcp",
                            "tag.3443088113.key": "Jive_service",
                            "tag.3443088113.propagate_at_launch": "true",
                            "tag.3443088113.value": "us-west-2_jive-infra-pipeline-dcp",
                            "tag.3767096825.key": "SLA",
                            "tag.3767096825.propagate_at_launch": "true",
                            "tag.3767096825.value": "non-prod",
                            "tag.4279558224.key": "Region",
                            "tag.4279558224.propagate_at_launch": "true",
                            "tag.4279558224.value": "us-west-2",
                            "target_group_arns.#": "0",
                            "termination_policies.#": "0",
                            "vpc_zone_identifier.#": "1",
                            "vpc_zone_identifier.4220560499": "subnet-fec05d88",
                            "wait_for_capacity_timeout": "10m"
                        },
                        "meta": {},
                        "tainted": false
                    },
                    "deposed": [],
                    "provider": ""
                },
                "aws_autoscaling_group.k8s_worker_asg.1": {
                    "type": "aws_autoscaling_group",
                    "depends_on": [
                        "aws_launch_configuration.k8s_worker",
                        "null_resource.k8s_cluster"
                    ],
                    "primary": {
                        "id": "pipeline-dcp-k8s-worker-asg2",
                        "attributes": {
                            "arn": "arn:aws:autoscaling:us-west-2:517449413234:autoScalingGroup:b34476f4-46f9-4b88-bf1e-bba2e78bd35b:autoScalingGroupName/pipeline-dcp-k8s-worker-asg2",
                            "availability_zones.#": "1",
                            "availability_zones.221770259": "us-west-2b",
                            "default_cooldown": "300",
                            "desired_capacity": "1",
                            "force_delete": "false",
                            "health_check_grace_period": "300",
                            "health_check_type": "EC2",
                            "id": "pipeline-dcp-k8s-worker-asg2",
                            "launch_configuration": "terraform-00ce21f4bc7f1176920b8f4864",
                            "load_balancers.#": "0",
                            "max_size": "6",
                            "metrics_granularity": "1Minute",
                            "min_size": "1",
                            "name": "pipeline-dcp-k8s-worker-asg2",
                            "placement_group": "",
                            "protect_from_scale_in": "false",
                            "suspended_processes.#": "0",
                            "tag.#": "9",
                            "tag.1483435392.key": "KubernetesCluster",
                            "tag.1483435392.propagate_at_launch": "true",
                            "tag.1483435392.value": "us-west-2_jive-infra-pipeline-dcp",
                            "tag.1510564127.key": "Name",
                            "tag.1510564127.propagate_at_launch": "true",
                            "tag.1510564127.value": "pipeline-dcp-k8s-worker-instance",
                            "tag.1838214804.key": "Pipeline_phase",
                            "tag.1838214804.propagate_at_launch": "true",
                            "tag.1838214804.value": "pipeline-dcp",
                            "tag.228639812.key": "Service_component",
                            "tag.228639812.propagate_at_launch": "true",
                            "tag.228639812.value": "k8s-node",
                            "tag.2977154211.key": "Hostname",
                            "tag.2977154211.propagate_at_launch": "true",
                            "tag.2977154211.value": "k8s-node2",
                            "tag.3326551196.key": "K8s_cluster",
                            "tag.3326551196.propagate_at_launch": "true",
                            "tag.3326551196.value": "us-west-2_jive-infra-pipeline-dcp",
                            "tag.3443088113.key": "Jive_service",
                            "tag.3443088113.propagate_at_launch": "true",
                            "tag.3443088113.value": "us-west-2_jive-infra-pipeline-dcp",
                            "tag.3767096825.key": "SLA",
                            "tag.3767096825.propagate_at_launch": "true",
                            "tag.3767096825.value": "non-prod",
                            "tag.4279558224.key": "Region",
                            "tag.4279558224.propagate_at_launch": "true",
                            "tag.4279558224.value": "us-west-2",
                            "target_group_arns.#": "0",
                            "termination_policies.#": "0",
                            "vpc_zone_identifier.#": "1",
                            "vpc_zone_identifier.3731094348": "subnet-5ccbb138",
                            "wait_for_capacity_timeout": "10m"
                        },
                        "meta": {},
                        "tainted": false
                    },
                    "deposed": [],
                    "provider": ""
                },
                "aws_autoscaling_group.k8s_worker_asg.2": {
                    "type": "aws_autoscaling_group",
                    "depends_on": [
                        "aws_launch_configuration.k8s_worker",
                        "null_resource.k8s_cluster"
                    ],
                    "primary": {
                        "id": "pipeline-dcp-k8s-worker-asg3",
                        "attributes": {
                            "arn": "arn:aws:autoscaling:us-west-2:517449413234:autoScalingGroup:60c16117-b7c7-46c5-b1d4-6ef81fb08a98:autoScalingGroupName/pipeline-dcp-k8s-worker-asg3",
                            "availability_zones.#": "1",
                            "availability_zones.2050015877": "us-west-2c",
                            "default_cooldown": "300",
                            "desired_capacity": "1",
                            "force_delete": "false",
                            "health_check_grace_period": "300",
                            "health_check_type": "EC2",
                            "id": "pipeline-dcp-k8s-worker-asg3",
                            "launch_configuration": "terraform-00ce21f4bc7f1176920b8f4864",
                            "load_balancers.#": "0",
                            "max_size": "6",
                            "metrics_granularity": "1Minute",
                            "min_size": "1",
                            "name": "pipeline-dcp-k8s-worker-asg3",
                            "placement_group": "",
                            "protect_from_scale_in": "false",
                            "suspended_processes.#": "0",
                            "tag.#": "9",
                            "tag.1483435392.key": "KubernetesCluster",
                            "tag.1483435392.propagate_at_launch": "true",
                            "tag.1483435392.value": "us-west-2_jive-infra-pipeline-dcp",
                            "tag.1510564127.key": "Name",
                            "tag.1510564127.propagate_at_launch": "true",
                            "tag.1510564127.value": "pipeline-dcp-k8s-worker-instance",
                            "tag.1838214804.key": "Pipeline_phase",
                            "tag.1838214804.propagate_at_launch": "true",
                            "tag.1838214804.value": "pipeline-dcp",
                            "tag.228639812.key": "Service_component",
                            "tag.228639812.propagate_at_launch": "true",
                            "tag.228639812.value": "k8s-node",
                            "tag.3326551196.key": "K8s_cluster",
                            "tag.3326551196.propagate_at_launch": "true",
                            "tag.3326551196.value": "us-west-2_jive-infra-pipeline-dcp",
                            "tag.3443088113.key": "Jive_service",
                            "tag.3443088113.propagate_at_launch": "true",
                            "tag.3443088113.value": "us-west-2_jive-infra-pipeline-dcp",
                            "tag.3767096825.key": "SLA",
                            "tag.3767096825.propagate_at_launch": "true",
                            "tag.3767096825.value": "non-prod",
                            "tag.386191127.key": "Hostname",
                            "tag.386191127.propagate_at_launch": "true",
                            "tag.386191127.value": "k8s-node3",
                            "tag.4279558224.key": "Region",
                            "tag.4279558224.propagate_at_launch": "true",
                            "tag.4279558224.value": "us-west-2",
                            "target_group_arns.#": "0",
                            "termination_policies.#": "0",
                            "vpc_zone_identifier.#": "1",
                            "vpc_zone_identifier.2338468844": "subnet-1767bf4f",
                            "wait_for_capacity_timeout": "10m"
                        },
                        "meta": {},
                        "tainted": false
                    },
                    "deposed": [],
                    "provider": ""
                },
                "aws_ebs_volume.k8s_etcd_ebs.0": {
                    "type": "aws_ebs_volume",
                    "depends_on": [
                        "data.aws_availability_zones.available",
                        "null_resource.k8s_cluster"
                    ],
                    "primary": {
                        "id": "vol-6181a7d5",
                        "attributes": {
                            "availability_zone": "us-west-2a",
                            "encrypted": "true",
                            "id": "vol-6181a7d5",
                            "kms_key_id": "arn:aws:kms:us-west-2:517449413234:key/dd19ddd7-5774-4956-9345-10e4580bd22d",
                            "size": "20",
                            "snapshot_id": "",
                            "tags.%": "7",
                            "tags.Hostname": "us-west-2_jive-infra-pipeline-dcp-etcd1",
                            "tags.Jive_service": "us-west-2_jive-infra-pipeline-dcp",
                            "tags.Name": "pipeline-dcp-k8s_etcd-instance",
                            "tags.Pipeline_phase": "pipeline-dcp",
                            "tags.Region": "us-west-2",
                            "tags.SLA": "non-prod",
                            "tags.Service_component": "etcd",
                            "type": "gp2"
                        },
                        "meta": {},
                        "tainted": false
                    },
                    "deposed": [],
                    "provider": ""
                },
                "aws_ebs_volume.k8s_etcd_ebs.1": {
                    "type": "aws_ebs_volume",
                    "depends_on": [
                        "data.aws_availability_zones.available",
                        "null_resource.k8s_cluster"
                    ],
                    "primary": {
                        "id": "vol-7c5203f4",
                        "attributes": {
                            "availability_zone": "us-west-2b",
                            "encrypted": "true",
                            "id": "vol-7c5203f4",
                            "kms_key_id": "arn:aws:kms:us-west-2:517449413234:key/dd19ddd7-5774-4956-9345-10e4580bd22d",
                            "size": "20",
                            "snapshot_id": "",
                            "tags.%": "7",
                            "tags.Hostname": "us-west-2_jive-infra-pipeline-dcp-etcd2",
                            "tags.Jive_service": "us-west-2_jive-infra-pipeline-dcp",
                            "tags.Name": "pipeline-dcp-k8s_etcd-instance",
                            "tags.Pipeline_phase": "pipeline-dcp",
                            "tags.Region": "us-west-2",
                            "tags.SLA": "non-prod",
                            "tags.Service_component": "etcd",
                            "type": "gp2"
                        },
                        "meta": {},
                        "tainted": false
                    },
                    "deposed": [],
                    "provider": ""
                },
                "aws_ebs_volume.k8s_etcd_ebs.2": {
                    "type": "aws_ebs_volume",
                    "depends_on": [
                        "data.aws_availability_zones.available",
                        "null_resource.k8s_cluster"
                    ],
                    "primary": {
                        "id": "vol-4471b1d1",
                        "attributes": {
                            "availability_zone": "us-west-2c",
                            "encrypted": "true",
                            "id": "vol-4471b1d1",
                            "kms_key_id": "arn:aws:kms:us-west-2:517449413234:key/dd19ddd7-5774-4956-9345-10e4580bd22d",
                            "size": "20",
                            "snapshot_id": "",
                            "tags.%": "7",
                            "tags.Hostname": "us-west-2_jive-infra-pipeline-dcp-etcd3",
                            "tags.Jive_service": "us-west-2_jive-infra-pipeline-dcp",
                            "tags.Name": "pipeline-dcp-k8s_etcd-instance",
                            "tags.Pipeline_phase": "pipeline-dcp",
                            "tags.Region": "us-west-2",
                            "tags.SLA": "non-prod",
                            "tags.Service_component": "etcd",
                            "type": "gp2"
                        },
                        "meta": {},
                        "tainted": false
                    },
                    "deposed": [],
                    "provider": ""
                },
                "aws_ebs_volume.k8s_master": {
                    "type": "aws_ebs_volume",
                    "depends_on": [
                        "null_resource.k8s_cluster"
                    ],
                    "primary": {
                        "id": "vol-e8217a5c",
                        "attributes": {
                            "availability_zone": "us-west-2a",
                            "encrypted": "true",
                            "id": "vol-e8217a5c",
                            "kms_key_id": "arn:aws:kms:us-west-2:517449413234:key/dd19ddd7-5774-4956-9345-10e4580bd22d",
                            "size": "100",
                            "snapshot_id": "",
                            "tags.%": "7",
                            "tags.Hostname": "us-west-2_jive-infra-pipeline-dcp-master1",
                            "tags.Jive_service": "us-west-2_jive-infra-pipeline-dcp",
                            "tags.Name": "pipeline-dcp-k8s_master-instance",
                            "tags.Pipeline_phase": "pipeline-dcp",
                            "tags.Region": "us-west-2",
                            "tags.SLA": "non-prod",
                            "tags.Service_component": "k8s-master",
                            "type": "gp2"
                        },
                        "meta": {},
                        "tainted": false
                    },
                    "deposed": [],
                    "provider": ""
                },
                "aws_eip.k8s_etcd_eip.0": {
                    "type": "aws_eip",
                    "depends_on": [
                        "aws_network_interface.k8s_etcd"
                    ],
                    "primary": {
                        "id": "eipalloc-da771dbd",
                        "attributes": {
                            "association_id": "eipassoc-0b368570",
                            "domain": "vpc",
                            "id": "eipalloc-da771dbd",
                            "instance": "i-04eaefedeb48414c0",
                            "network_interface": "eni-7fd6303f",
                            "private_ip": "10.122.83.40",
                            "public_ip": "35.162.5.79",
                            "vpc": "true"
                        },
                        "meta": {},
                        "tainted": false
                    },
                    "deposed": [],
                    "provider": ""
                },
                "aws_eip.k8s_etcd_eip.1": {
                    "type": "aws_eip",
                    "depends_on": [
                        "aws_network_interface.k8s_etcd"
                    ],
                    "primary": {
                        "id": "eipalloc-b84a20df",
                        "attributes": {
                            "association_id": "eipassoc-803586fb",
                            "domain": "vpc",
                            "id": "eipalloc-b84a20df",
                            "instance": "i-0e59250c6018aa95a",
                            "network_interface": "eni-f0c4bc8e",
                            "private_ip": "10.122.87.81",
                            "public_ip": "35.163.10.24",
                            "vpc": "true"
                        },
                        "meta": {},
                        "tainted": false
                    },
                    "deposed": [],
                    "provider": ""
                },
                "aws_eip.k8s_etcd_eip.2": {
                    "type": "aws_eip",
                    "depends_on": [
                        "aws_network_interface.k8s_etcd"
                    ],
                    "primary": {
                        "id": "eipalloc-c1751fa6",
                        "attributes": {
                            "association_id": "eipassoc-083b8873",
                            "domain": "vpc",
                            "id": "eipalloc-c1751fa6",
                            "instance": "i-09da004ba74aaf603",
                            "network_interface": "eni-e93f7fb8",
                            "private_ip": "10.122.89.255",
                            "public_ip": "35.161.113.94",
                            "vpc": "true"
                        },
                        "meta": {},
                        "tainted": false
                    },
                    "deposed": [],
                    "provider": ""
                },
                "aws_eip.k8s_master_eip": {
                    "type": "aws_eip",
                    "depends_on": [],
                    "primary": {
                        "id": "eipalloc-a6711bc1",
                        "attributes": {
                            "association_id": "",
                            "domain": "vpc",
                            "id": "eipalloc-a6711bc1",
                            "instance": "",
                            "network_interface": "",
                            "private_ip": "",
                            "public_ip": "35.162.102.54",
                            "vpc": "true"
                        },
                        "meta": {},
                        "tainted": false
                    },
                    "deposed": [],
                    "provider": ""
                },
                "aws_elb.k8s_master": {
                    "type": "aws_elb",
                    "depends_on": [
                        "aws_security_group.k8s_master_instance",
                        "null_resource.k8s_cluster"
                    ],
                    "primary": {
                        "id": "pipeline-dcp-k8s-master-elb",
                        "attributes": {
                            "access_logs.#": "0",
                            "availability_zones.#": "1",
                            "availability_zones.2487133097": "us-west-2a",
                            "connection_draining": "false",
                            "connection_draining_timeout": "300",
                            "cross_zone_load_balancing": "true",
                            "dns_name": "internal-pipeline-dcp-k8s-master-elb-1497090711.us-west-2.elb.amazonaws.com",
                            "health_check.#": "1",
                            "health_check.0.healthy_threshold": "2",
                            "health_check.0.interval": "30",
                            "health_check.0.target": "TCP:443",
                            "health_check.0.timeout": "3",
                            "health_check.0.unhealthy_threshold": "2",
                            "id": "pipeline-dcp-k8s-master-elb",
                            "idle_timeout": "1800",
                            "instances.#": "1",
                            "instances.2715544399": "i-0bb61c55a5e5772d9",
                            "internal": "true",
                            "listener.#": "1",
                            "listener.610193557.instance_port": "443",
                            "listener.610193557.instance_protocol": "tcp",
                            "listener.610193557.lb_port": "443",
                            "listener.610193557.lb_protocol": "tcp",
                            "listener.610193557.ssl_certificate_id": "",
                            "name": "pipeline-dcp-k8s-master-elb",
                            "security_groups.#": "2",
                            "security_groups.2499726236": "sg-e3f1bb85",
                            "security_groups.3001625940": "sg-9a683de3",
                            "source_security_group": "517449413234/pipeline-dcp-instance",
                            "source_security_group_id": "sg-e3f1bb85",
                            "subnets.#": "1",
                            "subnets.4220560499": "subnet-fec05d88",
                            "tags.%": "7",
                            "tags.Hostname": "us-west-2_jive-infra-pipeline-dcp-master1",
                            "tags.Jive_service": "us-west-2_jive-infra-pipeline-dcp",
                            "tags.Name": "pipeline-dcp-k8s_master-elb",
                            "tags.Pipeline_phase": "pipeline-dcp",
                            "tags.Region": "us-west-2",
                            "tags.SLA": "non-prod",
                            "tags.Service_component": "k8s-master",
                            "zone_id": "Z1H1FL5HABSF5"
                        },
                        "meta": {},
                        "tainted": false
                    },
                    "deposed": [],
                    "provider": ""
                },
                "aws_iam_instance_profile.k8s-master": {
                    "type": "aws_iam_instance_profile",
                    "depends_on": [
                        "aws_iam_role.k8s-master",
                        "null_resource.k8s_cluster"
                    ],
                    "primary": {
                        "id": "us-west-2_jive-infra-pipeline-dcp-k8s-master-profile",
                        "attributes": {
                            "arn": "arn:aws:iam::517449413234:instance-profile/us-west-2_jive-infra-pipeline-dcp-k8s-master-profile",
                            "id": "us-west-2_jive-infra-pipeline-dcp-k8s-master-profile",
                            "name": "us-west-2_jive-infra-pipeline-dcp-k8s-master-profile",
                            "path": "/",
                            "role": "us-west-2_jive-infra-pipeline-dcp-master-role",
                            "roles.#": "1",
                            "roles.499755234": "us-west-2_jive-infra-pipeline-dcp-master-role",
                            "unique_id": "AIPAJQH7LNKKMXSG4UM5W"
                        },
                        "meta": {},
                        "tainted": false
                    },
                    "deposed": [],
                    "provider": ""
                },
                "aws_iam_instance_profile.k8s-node": {
                    "type": "aws_iam_instance_profile",
                    "depends_on": [
                        "aws_iam_role.k8s-node",
                        "null_resource.k8s_cluster"
                    ],
                    "primary": {
                        "id": "us-west-2_jive-infra-pipeline-dcp-k8s-node-profile",
                        "attributes": {
                            "arn": "arn:aws:iam::517449413234:instance-profile/us-west-2_jive-infra-pipeline-dcp-k8s-node-profile",
                            "id": "us-west-2_jive-infra-pipeline-dcp-k8s-node-profile",
                            "name": "us-west-2_jive-infra-pipeline-dcp-k8s-node-profile",
                            "path": "/",
                            "role": "us-west-2_jive-infra-pipeline-dcp-node-role",
                            "roles.#": "1",
                            "roles.98855776": "us-west-2_jive-infra-pipeline-dcp-node-role",
                            "unique_id": "AIPAIVEI7O6343SEOQQL2"
                        },
                        "meta": {},
                        "tainted": false
                    },
                    "deposed": [],
                    "provider": ""
                },
                "aws_iam_role.k8s-master": {
                    "type": "aws_iam_role",
                    "depends_on": [
                        "null_resource.k8s_cluster"
                    ],
                    "primary": {
                        "id": "us-west-2_jive-infra-pipeline-dcp-master-role",
                        "attributes": {
                            "arn": "arn:aws:iam::517449413234:role/us-west-2_jive-infra-pipeline-dcp-master-role",
                            "assume_role_policy": "{\"Version\":\"2012-10-17\",\"Statement\":[{\"Sid\":\"\",\"Effect\":\"Allow\",\"Principal\":{\"Service\":\"ec2.amazonaws.com\"},\"Action\":\"sts:AssumeRole\"}]}",
                            "create_date": "2016-11-15T00:05:04Z",
                            "id": "us-west-2_jive-infra-pipeline-dcp-master-role",
                            "name": "us-west-2_jive-infra-pipeline-dcp-master-role",
                            "path": "/",
                            "unique_id": "AROAIZZWRDGD7HH4LWVTK"
                        },
                        "meta": {},
                        "tainted": false
                    },
                    "deposed": [],
                    "provider": ""
                },
                "aws_iam_role.k8s-node": {
                    "type": "aws_iam_role",
                    "depends_on": [
                        "null_resource.k8s_cluster"
                    ],
                    "primary": {
                        "id": "us-west-2_jive-infra-pipeline-dcp-node-role",
                        "attributes": {
                            "arn": "arn:aws:iam::517449413234:role/us-west-2_jive-infra-pipeline-dcp-node-role",
                            "assume_role_policy": "{\"Version\":\"2012-10-17\",\"Statement\":[{\"Sid\":\"\",\"Effect\":\"Allow\",\"Principal\":{\"Service\":\"ec2.amazonaws.com\"},\"Action\":\"sts:AssumeRole\"}]}",
                            "create_date": "2016-11-15T00:05:04Z",
                            "id": "us-west-2_jive-infra-pipeline-dcp-node-role",
                            "name": "us-west-2_jive-infra-pipeline-dcp-node-role",
                            "path": "/",
                            "unique_id": "AROAILZ4VYAQIOQ64CLFC"
                        },
                        "meta": {},
                        "tainted": false
                    },
                    "deposed": [],
                    "provider": ""
                },
                "aws_iam_role_policy.k8s-master": {
                    "type": "aws_iam_role_policy",
                    "depends_on": [
                        "aws_iam_role.k8s-master",
                        "null_resource.k8s_cluster"
                    ],
                    "primary": {
                        "id": "us-west-2_jive-infra-pipeline-dcp-master-role:us-west-2_jive-infra-pipeline-dcp-master-policy",
                        "attributes": {
                            "id": "us-west-2_jive-infra-pipeline-dcp-master-role:us-west-2_jive-infra-pipeline-dcp-master-policy",
                            "name": "us-west-2_jive-infra-pipeline-dcp-master-policy",
                            "policy": "{\n    \"Version\": \"2012-10-17\",\n    \"Statement\": [\n        {\n            \"Effect\": \"Allow\",\n            \"Action\": [\"ec2:*\"],\n            \"Resource\": [\"*\"]\n        },\n        {\n            \"Effect\": \"Allow\",\n            \"Action\": [\"elasticloadbalancing:*\"],\n            \"Resource\": [\"*\"]\n        },\n        {\n            \"Effect\": \"Allow\",\n            \"Action\": [\n                \"ec2:Describe*\",\n                \"ec2:AttachVolume\",\n                \"ec2:DetachVolume\",\n                \"route53:ListHostedZones\",\n                \"route53:ListResourceRecordSets\",\n                \"rds:Describe*\",\n                \"elasticache:Describe*\",\n                \"s3:GetObject\",\n                \"s3:PutObject\",\n                \"s3:ListAllMyBuckets\",\n                \"s3:ListBucket\",\n                \"s3:GetBucketLocation\"\n            ],\n            \"Resource\": \"*\"\n        }\n    ]\n}\n",
                            "role": "us-west-2_jive-infra-pipeline-dcp-master-role"
                        },
                        "meta": {},
                        "tainted": false
                    },
                    "deposed": [],
                    "provider": ""
                },
                "aws_iam_role_policy.k8s-node": {
                    "type": "aws_iam_role_policy",
                    "depends_on": [
                        "aws_iam_role.k8s-node",
                        "null_resource.k8s_cluster"
                    ],
                    "primary": {
                        "id": "us-west-2_jive-infra-pipeline-dcp-node-role:us-west-2_jive-infra-pipeline-dcp-node-policy",
                        "attributes": {
                            "id": "us-west-2_jive-infra-pipeline-dcp-node-role:us-west-2_jive-infra-pipeline-dcp-node-policy",
                            "name": "us-west-2_jive-infra-pipeline-dcp-node-policy",
                            "policy": "{\n    \"Version\": \"2012-10-17\",\n    \"Statement\": [\n        {\n            \"Effect\": \"Allow\",\n            \"Action\": [\n                \"ec2:Describe*\",\n                \"ec2:AttachVolume\",\n                \"ec2:DetachVolume\",\n                \"ec2:AttachNetworkInterface\",\n                \"ec2:DetachNetworkInterface\",\n                \"route53:ListHostedZones\",\n                \"route53:ListResourceRecordSets\",\n                \"rds:Describe*\",\n                \"elasticache:Describe*\",\n                \"s3:GetObject\",\n                \"s3:ListAllMyBuckets\",\n                \"s3:ListBucket\",\n                \"s3:PutObject\",\n                \"s3:CreateBucket\",\n                \"s3:GetBucketLocation\"\n            ],\n            \"Resource\": \"*\"\n        }\n    ]\n}\n",
                            "role": "us-west-2_jive-infra-pipeline-dcp-node-role"
                        },
                        "meta": {},
                        "tainted": false
                    },
                    "deposed": [],
                    "provider": ""
                },
                "aws_launch_configuration.k8s_etcd": {
                    "type": "aws_launch_configuration",
                    "depends_on": [],
                    "primary": {
                        "id": "terraform-00ce21f4bc7f1176920b8f4866",
                        "attributes": {
                            "associate_public_ip_address": "false",
                            "ebs_block_device.#": "0",
                            "ebs_optimized": "false",
                            "enable_monitoring": "true",
                            "ephemeral_block_device.#": "0",
                            "iam_instance_profile": "us-west-2_jive-infra-pipeline-dcp-k8s-node-profile",
                            "id": "terraform-00ce21f4bc7f1176920b8f4866",
                            "image_id": "ami-bdf943dd",
                            "instance_type": "t2.medium",
                            "key_name": "infra-pipeline",
                            "name": "terraform-00ce21f4bc7f1176920b8f4866",
                            "root_block_device.#": "1",
                            "root_block_device.0.delete_on_termination": "true",
                            "root_block_device.0.iops": "0",
                            "root_block_device.0.volume_size": "20",
                            "root_block_device.0.volume_type": "gp2",
                            "security_groups.#": "2",
                            "security_groups.2499726236": "sg-e3f1bb85",
                            "security_groups.327242754": "sg-8b683df2",
                            "spot_price": "",
                            "user_data": "0a0221924643546c34c4807253e441aa4f9a5878",
                            "vpc_classic_link_id": "",
                            "vpc_classic_link_security_groups.#": "0"
                        },
                        "meta": {},
                        "tainted": false
                    },
                    "deposed": [],
                    "provider": ""
                },
                "aws_launch_configuration.k8s_master": {
                    "type": "aws_launch_configuration",
                    "depends_on": [],
                    "primary": {
                        "id": "terraform-00ce21f4bc7f1176920b8f4865",
                        "attributes": {
                            "associate_public_ip_address": "false",
                            "ebs_block_device.#": "0",
                            "ebs_optimized": "false",
                            "enable_monitoring": "true",
                            "ephemeral_block_device.#": "0",
                            "iam_instance_profile": "us-west-2_jive-infra-pipeline-dcp-k8s-master-profile",
                            "id": "terraform-00ce21f4bc7f1176920b8f4865",
                            "image_id": "ami-bdf943dd",
                            "instance_type": "t2.medium",
                            "key_name": "infra-pipeline",
                            "name": "terraform-00ce21f4bc7f1176920b8f4865",
                            "root_block_device.#": "1",
                            "root_block_device.0.delete_on_termination": "true",
                            "root_block_device.0.iops": "0",
                            "root_block_device.0.volume_size": "100",
                            "root_block_device.0.volume_type": "gp2",
                            "security_groups.#": "2",
                            "security_groups.2499726236": "sg-e3f1bb85",
                            "security_groups.3001625940": "sg-9a683de3",
                            "spot_price": "",
                            "user_data": "0a0221924643546c34c4807253e441aa4f9a5878",
                            "vpc_classic_link_id": "",
                            "vpc_classic_link_security_groups.#": "0"
                        },
                        "meta": {},
                        "tainted": false
                    },
                    "deposed": [],
                    "provider": ""
                },
                "aws_launch_configuration.k8s_worker": {
                    "type": "aws_launch_configuration",
                    "depends_on": [],
                    "primary": {
                        "id": "terraform-00ce21f4bc7f1176920b8f4864",
                        "attributes": {
                            "associate_public_ip_address": "false",
                            "ebs_block_device.#": "0",
                            "ebs_optimized": "false",
                            "enable_monitoring": "true",
                            "ephemeral_block_device.#": "0",
                            "iam_instance_profile": "us-west-2_jive-infra-pipeline-dcp-k8s-node-profile",
                            "id": "terraform-00ce21f4bc7f1176920b8f4864",
                            "image_id": "ami-bdf943dd",
                            "instance_type": "t2.medium",
                            "key_name": "infra-pipeline",
                            "name": "terraform-00ce21f4bc7f1176920b8f4864",
                            "root_block_device.#": "1",
                            "root_block_device.0.delete_on_termination": "true",
                            "root_block_device.0.iops": "0",
                            "root_block_device.0.volume_size": "50",
                            "root_block_device.0.volume_type": "gp2",
                            "security_groups.#": "2",
                            "security_groups.2499726236": "sg-e3f1bb85",
                            "security_groups.3617465929": "sg-90683de9",
                            "spot_price": "",
                            "user_data": "0a0221924643546c34c4807253e441aa4f9a5878",
                            "vpc_classic_link_id": "",
                            "vpc_classic_link_security_groups.#": "0"
                        },
                        "meta": {},
                        "tainted": false
                    },
                    "deposed": [],
                    "provider": ""
                },
                "aws_network_interface.k8s_etcd.0": {
                    "type": "aws_network_interface",
                    "depends_on": [
                        "aws_security_group.k8s_etcd_instance",
                        "null_resource.k8s_cluster"
                    ],
                    "primary": {
                        "id": "eni-7fd6303f",
                        "attributes": {
                            "attachment.#": "1",
                            "attachment.250236528.attachment_id": "eni-attach-c2ca7928",
                            "attachment.250236528.device_index": "1",
                            "attachment.250236528.instance": "i-04eaefedeb48414c0",
                            "description": "",
                            "id": "eni-7fd6303f",
                            "private_ip": "10.122.83.40",
                            "private_ips.#": "1",
                            "private_ips.2914031726": "10.122.83.40",
                            "security_groups.#": "2",
                            "security_groups.2499726236": "sg-e3f1bb85",
                            "security_groups.327242754": "sg-8b683df2",
                            "source_dest_check": "true",
                            "subnet_id": "subnet-fec05d88",
                            "tags.%": "8",
                            "tags.Hostname": "us-west-2_jive-infra-pipeline-dcp-etcd1",
                            "tags.Jive_service": "us-west-2_jive-infra-pipeline-dcp",
                            "tags.KubernetesCluster": "us-west-2_jive-infra-pipeline-dcp",
                            "tags.Name": "pipeline-dcp-k8s-etcd-instance",
                            "tags.Pipeline_phase": "pipeline-dcp",
                            "tags.Region": "us-west-2",
                            "tags.SLA": "non-prod",
                            "tags.Service_component": "k8s-etcd"
                        },
                        "meta": {},
                        "tainted": false
                    },
                    "deposed": [],
                    "provider": ""
                },
                "aws_network_interface.k8s_etcd.1": {
                    "type": "aws_network_interface",
                    "depends_on": [
                        "aws_security_group.k8s_etcd_instance",
                        "null_resource.k8s_cluster"
                    ],
                    "primary": {
                        "id": "eni-f0c4bc8e",
                        "attributes": {
                            "attachment.#": "1",
                            "attachment.8776109.attachment_id": "eni-attach-6daf2284",
                            "attachment.8776109.device_index": "1",
                            "attachment.8776109.instance": "i-0e59250c6018aa95a",
                            "description": "",
                            "id": "eni-f0c4bc8e",
                            "private_ip": "10.122.87.81",
                            "private_ips.#": "1",
                            "private_ips.4183847075": "10.122.87.81",
                            "security_groups.#": "2",
                            "security_groups.2499726236": "sg-e3f1bb85",
                            "security_groups.327242754": "sg-8b683df2",
                            "source_dest_check": "true",
                            "subnet_id": "subnet-5ccbb138",
                            "tags.%": "8",
                            "tags.Hostname": "us-west-2_jive-infra-pipeline-dcp-etcd2",
                            "tags.Jive_service": "us-west-2_jive-infra-pipeline-dcp",
                            "tags.KubernetesCluster": "us-west-2_jive-infra-pipeline-dcp",
                            "tags.Name": "pipeline-dcp-k8s-etcd-instance",
                            "tags.Pipeline_phase": "pipeline-dcp",
                            "tags.Region": "us-west-2",
                            "tags.SLA": "non-prod",
                            "tags.Service_component": "k8s-etcd"
                        },
                        "meta": {},
                        "tainted": false
                    },
                    "deposed": [],
                    "provider": ""
                },
                "aws_network_interface.k8s_etcd.2": {
                    "type": "aws_network_interface",
                    "depends_on": [
                        "aws_security_group.k8s_etcd_instance",
                        "null_resource.k8s_cluster"
                    ],
                    "primary": {
                        "id": "eni-e93f7fb8",
                        "attributes": {
                            "attachment.#": "1",
                            "attachment.3715470459.attachment_id": "eni-attach-c216cfa1",
                            "attachment.3715470459.device_index": "1",
                            "attachment.3715470459.instance": "i-09da004ba74aaf603",
                            "description": "",
                            "id": "eni-e93f7fb8",
                            "private_ip": "10.122.89.255",
                            "private_ips.#": "1",
                            "private_ips.492586815": "10.122.89.255",
                            "security_groups.#": "2",
                            "security_groups.2499726236": "sg-e3f1bb85",
                            "security_groups.327242754": "sg-8b683df2",
                            "source_dest_check": "true",
                            "subnet_id": "subnet-1767bf4f",
                            "tags.%": "8",
                            "tags.Hostname": "us-west-2_jive-infra-pipeline-dcp-etcd3",
                            "tags.Jive_service": "us-west-2_jive-infra-pipeline-dcp",
                            "tags.KubernetesCluster": "us-west-2_jive-infra-pipeline-dcp",
                            "tags.Name": "pipeline-dcp-k8s-etcd-instance",
                            "tags.Pipeline_phase": "pipeline-dcp",
                            "tags.Region": "us-west-2",
                            "tags.SLA": "non-prod",
                            "tags.Service_component": "k8s-etcd"
                        },
                        "meta": {},
                        "tainted": false
                    },
                    "deposed": [],
                    "provider": ""
                },
                "aws_s3_bucket.logging": {
                    "type": "aws_s3_bucket",
                    "depends_on": [
                        "data.aws_iam_policy_document.logging"
                    ],
                    "primary": {
                        "id": "us-west-2-jive-infra-pipeline-dcp-logs",
                        "attributes": {
                            "acceleration_status": "",
                            "acl": "private",
                            "arn": "arn:aws:s3:::us-west-2-jive-infra-pipeline-dcp-logs",
                            "bucket": "us-west-2-jive-infra-pipeline-dcp-logs",
                            "bucket_domain_name": "us-west-2-jive-infra-pipeline-dcp-logs.s3.amazonaws.com",
                            "force_destroy": "false",
                            "hosted_zone_id": "Z3BJ6K6RIION7M",
                            "id": "us-west-2-jive-infra-pipeline-dcp-logs",
                            "logging.#": "0",
                            "policy": "{\"Statement\":[{\"Action\":\"s3:PutObject\",\"Effect\":\"Allow\",\"Principal\":{\"AWS\":[\"arn:aws:iam::517449413234:role/us-west-2_jive-infra-pipeline-dcp-master-role\",\"arn:aws:iam::517449413234:role/us-west-2_jive-infra-pipeline-dcp-node-role\"]},\"Resource\":\"arn:aws:s3:::us-west-2-jive-infra-pipeline-dcp-logs/*\",\"Sid\":\"Logs\"}],\"Version\":\"2012-10-17\"}",
                            "region": "us-west-2",
                            "request_payer": "BucketOwner",
                            "tags.%": "5",
                            "tags.KubernetesCluster": "us-west-2_jive-infra-pipeline-dcp",
                            "tags.Name": "us-west-2-jive-infra-pipeline-dcp-logs",
                            "tags.pipeline_phase": "pipeline-dcp",
                            "tags.region": "us-west-2",
                            "tags.service_component": "logs",
                            "versioning.#": "1",
                            "versioning.0.enabled": "false",
                            "versioning.0.mfa_delete": "false",
                            "website.#": "0"
                        },
                        "meta": {},
                        "tainted": false
                    },
                    "deposed": [],
                    "provider": ""
                },
                "aws_security_group.k8s_etcd_instance": {
                    "type": "aws_security_group",
                    "depends_on": [
                        "aws_security_group.k8s_master_instance",
                        "aws_security_group.k8s_worker_instance",
                        "null_resource.k8s_cluster"
                    ],
                    "primary": {
                        "id": "sg-8b683df2",
                        "attributes": {
                            "description": "Access to K8S etcd nodes",
                            "egress.#": "0",
                            "id": "sg-8b683df2",
                            "ingress.#": "2",
                            "ingress.1031147170.cidr_blocks.#": "0",
                            "ingress.1031147170.from_port": "2380",
                            "ingress.1031147170.ipv6_cidr_blocks.#": "0",
                            "ingress.1031147170.protocol": "tcp",
                            "ingress.1031147170.security_groups.#": "2",
                            "ingress.1031147170.security_groups.3001625940": "sg-9a683de3",
                            "ingress.1031147170.security_groups.3617465929": "sg-90683de9",
                            "ingress.1031147170.self": "true",
                            "ingress.1031147170.to_port": "2380",
                            "ingress.419912760.cidr_blocks.#": "0",
                            "ingress.419912760.from_port": "2379",
                            "ingress.419912760.ipv6_cidr_blocks.#": "0",
                            "ingress.419912760.protocol": "tcp",
                            "ingress.419912760.security_groups.#": "2",
                            "ingress.419912760.security_groups.3001625940": "sg-9a683de3",
                            "ingress.419912760.security_groups.3617465929": "sg-90683de9",
                            "ingress.419912760.self": "true",
                            "ingress.419912760.to_port": "2379",
                            "name": "us-west-2_jive-infra-pipeline-dcp-kubernetes-etcd-instance",
                            "owner_id": "517449413234",
                            "tags.%": "6",
                            "tags.Name": "us-west-2_jive-infra-pipeline-dcp-etcd-instance",
                            "tags.jive_service": "k8s",
                            "tags.pipeline_phase": "pipeline-dcp",
                            "tags.region": "us-west-2",
                            "tags.service_component": "k8s-etcd",
                            "tags.sla": "non-prod",
                            "vpc_id": "vpc-98c89dfc"
                        },
                        "meta": {},
                        "tainted": false
                    },
                    "deposed": [],
                    "provider": ""
                },
                "aws_security_group.k8s_master_instance": {
                    "type": "aws_security_group",
                    "depends_on": [
                        "null_resource.k8s_cluster"
                    ],
                    "primary": {
                        "id": "sg-9a683de3",
                        "attributes": {
                            "description": "Access to K8S Master nodes",
                            "egress.#": "0",
                            "id": "sg-9a683de3",
                            "ingress.#": "3",
                            "ingress.2254619862.cidr_blocks.#": "0",
                            "ingress.2254619862.from_port": "0",
                            "ingress.2254619862.ipv6_cidr_blocks.#": "0",
                            "ingress.2254619862.protocol": "-1",
                            "ingress.2254619862.security_groups.#": "1",
                            "ingress.2254619862.security_groups.3617465929": "sg-90683de9",
                            "ingress.2254619862.self": "false",
                            "ingress.2254619862.to_port": "0",
                            "ingress.2885713073.cidr_blocks.#": "1",
                            "ingress.2885713073.cidr_blocks.0": "10.0.0.0/8",
                            "ingress.2885713073.from_port": "8080",
                            "ingress.2885713073.ipv6_cidr_blocks.#": "0",
                            "ingress.2885713073.protocol": "tcp",
                            "ingress.2885713073.security_groups.#": "0",
                            "ingress.2885713073.self": "true",
                            "ingress.2885713073.to_port": "8080",
                            "ingress.691539513.cidr_blocks.#": "1",
                            "ingress.691539513.cidr_blocks.0": "10.0.0.0/8",
                            "ingress.691539513.from_port": "443",
                            "ingress.691539513.ipv6_cidr_blocks.#": "0",
                            "ingress.691539513.protocol": "tcp",
                            "ingress.691539513.security_groups.#": "0",
                            "ingress.691539513.self": "true",
                            "ingress.691539513.to_port": "443",
                            "name": "us-west-2_jive-infra-pipeline-dcp-master-instance",
                            "owner_id": "517449413234",
                            "tags.%": "6",
                            "tags.Name": "us-west-2_jive-infra-pipeline-dcp-master-instance",
                            "tags.jive_service": "k8s",
                            "tags.pipeline_phase": "pipeline-dcp",
                            "tags.region": "us-west-2",
                            "tags.service_component": "k8s-master",
                            "tags.sla": "non-prod",
                            "vpc_id": "vpc-98c89dfc"
                        },
                        "meta": {},
                        "tainted": false
                    },
                    "deposed": [],
                    "provider": ""
                },
                "aws_security_group.k8s_worker_instance": {
                    "type": "aws_security_group",
                    "depends_on": [
                        "aws_security_group.k8s_master_instance",
                        "null_resource.k8s_cluster"
                    ],
                    "primary": {
                        "id": "sg-90683de9",
                        "attributes": {
                            "description": "Allow traffic to K8S worker nodes",
                            "egress.#": "0",
                            "id": "sg-90683de9",
                            "ingress.#": "2",
                            "ingress.1126893781.cidr_blocks.#": "0",
                            "ingress.1126893781.from_port": "0",
                            "ingress.1126893781.ipv6_cidr_blocks.#": "0",
                            "ingress.1126893781.protocol": "-1",
                            "ingress.1126893781.security_groups.#": "1",
                            "ingress.1126893781.security_groups.3001625940": "sg-9a683de3",
                            "ingress.1126893781.self": "true",
                            "ingress.1126893781.to_port": "0",
                            "ingress.458867448.cidr_blocks.#": "1",
                            "ingress.458867448.cidr_blocks.0": "10.122.80.0/20",
                            "ingress.458867448.from_port": "30000",
                            "ingress.458867448.ipv6_cidr_blocks.#": "0",
                            "ingress.458867448.protocol": "tcp",
                            "ingress.458867448.security_groups.#": "0",
                            "ingress.458867448.self": "false",
                            "ingress.458867448.to_port": "32767",
                            "name": "us-west-2_jive-infra-pipeline-dcp-worker-instance",
                            "owner_id": "517449413234",
                            "tags.%": "7",
                            "tags.KubernetesCluster": "us-west-2_jive-infra-pipeline-dcp",
                            "tags.Name": "us-west-2_jive-infra-pipeline-dcp-worker-instance",
                            "tags.jive_service": "k8s",
                            "tags.pipeline_phase": "pipeline-dcp",
                            "tags.region": "us-west-2",
                            "tags.service_component": "k8s-worker",
                            "tags.sla": "non-prod",
                            "vpc_id": "vpc-98c89dfc"
                        },
                        "meta": {},
                        "tainted": false
                    },
                    "deposed": [],
                    "provider": ""
                },
                "aws_security_group_rule.k8s_master_instance": {
                    "type": "aws_security_group_rule",
                    "depends_on": [
                        "aws_security_group.k8s_master_instance",
                        "aws_security_group.k8s_worker_instance"
                    ],
                    "primary": {
                        "id": "sgrule-3221833081",
                        "attributes": {
                            "cidr_blocks.#": "0",
                            "from_port": "0",
                            "id": "sgrule-3221833081",
                            "ipv6_cidr_blocks.#": "0",
                            "prefix_list_ids.#": "0",
                            "protocol": "-1",
                            "security_group_id": "sg-9a683de3",
                            "self": "false",
                            "source_security_group_id": "sg-90683de9",
                            "to_port": "0",
                            "type": "ingress"
                        },
                        "meta": {
                            "schema_version": "2"
                        },
                        "tainted": false
                    },
                    "deposed": [],
                    "provider": ""
                },
                "aws_security_group_rule.k8s_worker_instance": {
                    "type": "aws_security_group_rule",
                    "depends_on": [
                        "aws_security_group.k8s_worker_instance"
                    ],
                    "primary": {
                        "id": "sgrule-2083625884",
                        "attributes": {
                            "cidr_blocks.#": "1",
                            "cidr_blocks.0": "10.122.80.0/20",
                            "from_port": "30000",
                            "id": "sgrule-2083625884",
                            "ipv6_cidr_blocks.#": "0",
                            "prefix_list_ids.#": "0",
                            "protocol": "tcp",
                            "security_group_id": "sg-90683de9",
                            "self": "false",
                            "to_port": "32767",
                            "type": "ingress"
                        },
                        "meta": {
                            "schema_version": "2"
                        },
                        "tainted": false
                    },
                    "deposed": [],
                    "provider": ""
                },
                "data.aws_availability_zones.available": {
                    "type": "aws_availability_zones",
                    "depends_on": [],
                    "primary": {
                        "id": "2017-08-04 21:29:00.357231663 +0000 UTC",
                        "attributes": {
                            "id": "2017-08-04 21:29:00.357231663 +0000 UTC",
                            "names.#": "3",
                            "names.0": "us-west-2a",
                            "names.1": "us-west-2b",
                            "names.2": "us-west-2c"
                        },
                        "meta": {},
                        "tainted": false
                    },
                    "deposed": [],
                    "provider": ""
                },
                "data.aws_iam_policy_document.logging": {
                    "type": "aws_iam_policy_document",
                    "depends_on": [
                        "aws_iam_role.k8s-master",
                        "aws_iam_role.k8s-node"
                    ],
                    "primary": {
                        "id": "449695457",
                        "attributes": {
                            "id": "449695457",
                            "json": "{\n  \"Version\": \"2012-10-17\",\n  \"Statement\": [\n    {\n      \"Sid\": \"Logs\",\n      \"Effect\": \"Allow\",\n      \"Action\": \"s3:PutObject\",\n      \"Resource\": \"arn:aws:s3:::us-west-2-jive-infra-pipeline-dcp-logs/*\",\n      \"Principal\": {\n        \"AWS\": [\n          \"arn:aws:iam::517449413234:role/us-west-2_jive-infra-pipeline-dcp-node-role\",\n          \"arn:aws:iam::517449413234:role/us-west-2_jive-infra-pipeline-dcp-master-role\"\n        ]\n      }\n    }\n  ]\n}",
                            "statement.#": "1",
                            "statement.0.actions.#": "1",
                            "statement.0.actions.315547055": "s3:PutObject",
                            "statement.0.condition.#": "0",
                            "statement.0.effect": "Allow",
                            "statement.0.not_actions.#": "0",
                            "statement.0.not_principals.#": "0",
                            "statement.0.not_resources.#": "0",
                            "statement.0.principals.#": "1",
                            "statement.0.principals.832897626.identifiers.#": "2",
                            "statement.0.principals.832897626.identifiers.171572166": "arn:aws:iam::517449413234:role/us-west-2_jive-infra-pipeline-dcp-master-role",
                            "statement.0.principals.832897626.identifiers.1826447392": "arn:aws:iam::517449413234:role/us-west-2_jive-infra-pipeline-dcp-node-role",
                            "statement.0.principals.832897626.type": "AWS",
                            "statement.0.resources.#": "1",
                            "statement.0.resources.434888195": "arn:aws:s3:::us-west-2-jive-infra-pipeline-dcp-logs/*",
                            "statement.0.sid": "Logs"
                        },
                        "meta": {},
                        "tainted": false
                    },
                    "deposed": [],
                    "provider": ""
                },
                "data.aws_subnet.natdc.0": {
                    "type": "aws_subnet",
                    "depends_on": [
                        "data.aws_availability_zones.available"
                    ],
                    "primary": {
                        "id": "subnet-fec05d88",
                        "attributes": {
                            "assign_ipv6_address_on_creation": "false",
                            "availability_zone": "us-west-2a",
                            "cidr_block": "10.122.80.0/22",
                            "default_for_az": "false",
                            "id": "subnet-fec05d88",
                            "map_public_ip_on_launch": "false",
                            "state": "available",
                            "tags.%": "7",
                            "tags.KubernetesCluster": "us-west-2_jive-infra-pipeline",
                            "tags.Name": "pipeline-dcp-natdc-subnet",
                            "tags.account_name": "jive-infra-pipeline",
                            "tags.kubernetes.io/role/internal-elb": "us-west-2_jive-infra-pipeline",
                            "tags.pipeline_phase": "pipeline-dcp",
                            "tags.region": "us-west-2",
                            "tags.sla": "non-prod",
                            "vpc_id": "vpc-98c89dfc"
                        },
                        "meta": {},
                        "tainted": false
                    },
                    "deposed": [],
                    "provider": ""
                },
                "data.aws_subnet.natdc.1": {
                    "type": "aws_subnet",
                    "depends_on": [
                        "data.aws_availability_zones.available"
                    ],
                    "primary": {
                        "id": "subnet-5ccbb138",
                        "attributes": {
                            "assign_ipv6_address_on_creation": "false",
                            "availability_zone": "us-west-2b",
                            "cidr_block": "10.122.84.0/22",
                            "default_for_az": "false",
                            "id": "subnet-5ccbb138",
                            "map_public_ip_on_launch": "false",
                            "state": "available",
                            "tags.%": "7",
                            "tags.KubernetesCluster": "us-west-2_jive-infra-pipeline",
                            "tags.Name": "pipeline-dcp-natdc-subnet",
                            "tags.account_name": "jive-infra-pipeline",
                            "tags.kubernetes.io/role/internal-elb": "us-west-2_jive-infra-pipeline",
                            "tags.pipeline_phase": "pipeline-dcp",
                            "tags.region": "us-west-2",
                            "tags.sla": "non-prod",
                            "vpc_id": "vpc-98c89dfc"
                        },
                        "meta": {},
                        "tainted": false
                    },
                    "deposed": [],
                    "provider": ""
                },
                "data.aws_subnet.natdc.2": {
                    "type": "aws_subnet",
                    "depends_on": [
                        "data.aws_availability_zones.available"
                    ],
                    "primary": {
                        "id": "subnet-1767bf4f",
                        "attributes": {
                            "assign_ipv6_address_on_creation": "false",
                            "availability_zone": "us-west-2c",
                            "cidr_block": "10.122.88.0/22",
                            "default_for_az": "false",
                            "id": "subnet-1767bf4f",
                            "map_public_ip_on_launch": "false",
                            "state": "available",
                            "tags.%": "7",
                            "tags.KubernetesCluster": "us-west-2_jive-infra-pipeline",
                            "tags.Name": "pipeline-dcp-natdc-subnet",
                            "tags.account_name": "jive-infra-pipeline",
                            "tags.kubernetes.io/role/internal-elb": "us-west-2_jive-infra-pipeline",
                            "tags.pipeline_phase": "pipeline-dcp",
                            "tags.region": "us-west-2",
                            "tags.sla": "non-prod",
                            "vpc_id": "vpc-98c89dfc"
                        },
                        "meta": {},
                        "tainted": false
                    },
                    "deposed": [],
                    "provider": ""
                },
                "data.template_file.cloud_config": {
                    "type": "template_file",
                    "depends_on": [
                        "aws_eip.k8s_master_eip",
                        "aws_elb.k8s_master",
                        "null_resource.k8s_cluster"
                    ],
                    "primary": {
                        "id": "38a9878b31f31added31daac10a50c93393b9947ec928e188c4858e43e8b8994",
                        "attributes": {
                            "id": "38a9878b31f31added31daac10a50c93393b9947ec928e188c4858e43e8b8994",
                            "rendered": "#cloud-config\ncoreos:\n  units:\n    - name: bootstrap.service\n      command: start\n      content: |\n        [Unit]\n        Requires=early-docker.service\n        After=early-docker.service\n        Description=Bootstraps the node\n        [Service]\n        Environment=\"DOCKER_HOST=unix:///var/run/early-docker.sock\"\n        Type=oneshot\n        RemainAfterExit=yes\n        ExecStart=/root/bootstrap.sh\n    - name: settimezone.service\n      command: start\n      content: |\n        [Unit]\n        Description=Set the timezone\n        [Service]\n        ExecStart=/usr/bin/timedatectl set-timezone UTC\n        RemainAfterExit=yes\n        Type=oneshot\nupdate:\n    reboot-strategy: off\nssh_authorized_keys:\n  - AAAAB3NzaC1yc2EAAAADAQABAAABAQDdUn7MngzRWLusJ+9S2MSibbJjkxV0fa5D6fUKJnGuYHxgL3vpMi+TLWRUIFv9tmBIxard8nS4/mNu6P0ENm5LmkAYPJngEMbCoQmpk89tbQIrlZrhr5FffP3fJfxzahEtYjEtNuBQuuMwrXN3hvuehVGWEu1lFG6WLYnejL0au2L4CJhCoV2g+b/uqTjsFVHhbGWvuazYL9SJmH2mWqEnbj2tj7goemU88bycisrMIvpKVWhu02KM2FUHgPwtoENi909LTpiD/y+3FzBwa7cpMNjmTmrzPbJTZ7gNNzSpPWHtCejE/B06+7lxSzbeRQP6q1Xb++bcVWODvh6qCb4b\nwrite_files:\n  - path: /etc/hosts\n    permissions: 0644\n    content: |\n      10.160.4.127 docker.phx1.jivehosted.com\n      10.160.70.25 pulp-slave\nwrite_files:\n  - path: /root/parse_manifest.sh\n    permissions: 0755\n    content: |\n      #!/usr/bin/bash\n      jq -c '.clusters[] | select(.clusterName == \"us-west-2_jive-infra-pipeline-dcp\") | .ansibleImageVersion' /tmp/cluster_manifest.json\nwrite_files:\n  - path: /root/pam_workaround.sh\n    permissions: 0755\n    content: |\n      #!/usr/bin/bash\n      if [[ -d /lib/pam.d ]]; then\n        rsync -a /lib/pam.d/ /etc/pam.d/\n        sed -i '/pam_systemd.so/d' /etc/pam.d/*\n        sed -i '/pam_nologin.so/d' /etc/pam.d/*\n      fi\nwrite_files:\n  - path: /root/bootstrap.sh\n    permissions: 0755\n    content: |\n      #!/usr/bin/bash\n      #\n      if [ -f /etc/coreos/update.conf ] ; then\n        rm  /etc/coreos/update.conf\n      fi\n\n      declare -r ansible_bucket=https://s3-us-west-2.amazonaws.com/jive-ansible-coreos-jive-infra-prod-usw2\n\n      # Get cluster manifest from S3 bucket\n      curl -XGET -s \\\n      --retry 3 \\\n      --retry-delay 5 \\\n      ${ansible_bucket}/cluster_manifest.json \\\n      --output /tmp/cluster_manifest.json\n\n      # Get ansible-coreos bootstrap script from S3 bucket\n      curl -XGET -s \\\n      --retry 3 \\\n      --retry-delay 5 \\\n      ${ansible_bucket}/run-ansible-container.sh \\\n      --output /tmp/run-ansible-container.sh\n\n      declare -r docker_image=$(bash /root/parse_manifest.sh | sed 's/\"//g')\n      bash -vx /root/pam_workaround.sh\n      bash -vx /tmp/run-ansible-container.sh ${docker_image}\n\n      exit 0\n\n# MASTER_EIP_ALLOC and ELB_NAME are passed from Terraform\n#MASTER_EIP_ALLOC:eipalloc-a6711bc1\n",
                            "template": "#cloud-config\ncoreos:\n  units:\n    - name: bootstrap.service\n      command: start\n      content: |\n        [Unit]\n        Requires=early-docker.service\n        After=early-docker.service\n        Description=Bootstraps the node\n        [Service]\n        Environment=\"DOCKER_HOST=unix:///var/run/early-docker.sock\"\n        Type=oneshot\n        RemainAfterExit=yes\n        ExecStart=/root/bootstrap.sh\n    - name: settimezone.service\n      command: start\n      content: |\n        [Unit]\n        Description=Set the timezone\n        [Service]\n        ExecStart=/usr/bin/timedatectl set-timezone UTC\n        RemainAfterExit=yes\n        Type=oneshot\nupdate:\n    reboot-strategy: off\nssh_authorized_keys:\n  - ${COREOS_AUTHKEY}\nwrite_files:\n  - path: /etc/hosts\n    permissions: 0644\n    content: |\n      ${DOCKER_REGISTRY}\n      ${PHX_PULP}\nwrite_files:\n  - path: /root/parse_manifest.sh\n    permissions: 0755\n    content: |\n      #!/usr/bin/bash\n      jq -c '.clusters[] | select(.clusterName == \"${KubernetesCluster}\") | .ansibleImageVersion' /tmp/cluster_manifest.json\nwrite_files:\n  - path: /root/pam_workaround.sh\n    permissions: 0755\n    content: |\n      #!/usr/bin/bash\n      if [[ -d /lib/pam.d ]]; then\n        rsync -a /lib/pam.d/ /etc/pam.d/\n        sed -i '/pam_systemd.so/d' /etc/pam.d/*\n        sed -i '/pam_nologin.so/d' /etc/pam.d/*\n      fi\nwrite_files:\n  - path: /root/bootstrap.sh\n    permissions: 0755\n    content: |\n      #!/usr/bin/bash\n      #\n      if [ -f /etc/coreos/update.conf ] ; then\n        rm  /etc/coreos/update.conf\n      fi\n\n      declare -r ansible_bucket=${ANSIBLE_BUCKET}\n\n      # Get cluster manifest from S3 bucket\n      curl -XGET -s \\\n      --retry 3 \\\n      --retry-delay 5 \\\n      $${ansible_bucket}/cluster_manifest.json \\\n      --output /tmp/cluster_manifest.json\n\n      # Get ansible-coreos bootstrap script from S3 bucket\n      curl -XGET -s \\\n      --retry 3 \\\n      --retry-delay 5 \\\n      $${ansible_bucket}/run-ansible-container.sh \\\n      --output /tmp/run-ansible-container.sh\n\n      declare -r docker_image=$$(bash /root/parse_manifest.sh | sed 's/\"//g')\n      bash -vx /root/pam_workaround.sh\n      bash -vx /tmp/run-ansible-container.sh $${docker_image}\n\n      exit 0\n\n# MASTER_EIP_ALLOC and ELB_NAME are passed from Terraform\n#MASTER_EIP_ALLOC:${MASTER_EIP_ALLOC}\n",
                            "vars.%": "7",
                            "vars.ANSIBLE_BUCKET": "https://s3-us-west-2.amazonaws.com/jive-ansible-coreos-jive-infra-prod-usw2",
                            "vars.COREOS_AUTHKEY": "AAAAB3NzaC1yc2EAAAADAQABAAABAQDdUn7MngzRWLusJ+9S2MSibbJjkxV0fa5D6fUKJnGuYHxgL3vpMi+TLWRUIFv9tmBIxard8nS4/mNu6P0ENm5LmkAYPJngEMbCoQmpk89tbQIrlZrhr5FffP3fJfxzahEtYjEtNuBQuuMwrXN3hvuehVGWEu1lFG6WLYnejL0au2L4CJhCoV2g+b/uqTjsFVHhbGWvuazYL9SJmH2mWqEnbj2tj7goemU88bycisrMIvpKVWhu02KM2FUHgPwtoENi909LTpiD/y+3FzBwa7cpMNjmTmrzPbJTZ7gNNzSpPWHtCejE/B06+7lxSzbeRQP6q1Xb++bcVWODvh6qCb4b",
                            "vars.DOCKER_REGISTRY": "10.160.4.127 docker.phx1.jivehosted.com",
                            "vars.ELB_NAME": "pipeline-dcp-k8s-master-elb",
                            "vars.KubernetesCluster": "us-west-2_jive-infra-pipeline-dcp",
                            "vars.MASTER_EIP_ALLOC": "eipalloc-a6711bc1",
                            "vars.PHX_PULP": "10.160.70.25 pulp-slave"
                        },
                        "meta": {},
                        "tainted": false
                    },
                    "deposed": [],
                    "provider": ""
                },
                "null_resource.k8s_cluster": {
                    "type": "null_resource",
                    "depends_on": [],
                    "primary": {
                        "id": "2201461847708260367",
                        "attributes": {
                            "id": "2201461847708260367",
                            "triggers.%": "1",
                            "triggers.name": "us-west-2_jive-infra-pipeline-dcp"
                        },
                        "meta": {},
                        "tainted": false
                    },
                    "deposed": [],
                    "provider": ""
                }
            },
            "depends_on": []
        }
    ]
}
