{
    "version": 3,
    "terraform_version": "0.9.2",
    "serial": 11,
    "lineage": "618d9770-e07a-4713-ad25-52776520575a",
    "modules": [
        {
            "path": [
                "root"
            ],
            "outputs": {},
            "resources": {
                "aws_eip.natgw.0": {
                    "type": "aws_eip",
                    "depends_on": [],
                    "primary": {
                        "id": "eipalloc-aca81dc5",
                        "attributes": {
                            "association_id": "eipassoc-5fe08234",
                            "domain": "vpc",
                            "id": "eipalloc-aca81dc5",
                            "instance": "",
                            "network_interface": "eni-4c298823",
                            "private_ip": "10.126.220.8",
                            "public_ip": "52.29.107.189",
                            "vpc": "true"
                        },
                        "meta": {},
                        "tainted": false
                    },
                    "deposed": [],
                    "provider": ""
                },
                "aws_eip.natgw.1": {
                    "type": "aws_eip",
                    "depends_on": [],
                    "primary": {
                        "id": "eipalloc-97b2fafe",
                        "attributes": {
                            "association_id": "eipassoc-5ee08235",
                            "domain": "vpc",
                            "id": "eipalloc-97b2fafe",
                            "instance": "",
                            "network_interface": "eni-b8c6e7c6",
                            "private_ip": "10.126.220.211",
                            "public_ip": "52.57.203.33",
                            "vpc": "true"
                        },
                        "meta": {},
                        "tainted": false
                    },
                    "deposed": [],
                    "provider": ""
                },
                "aws_internet_gateway.igw": {
                    "type": "aws_internet_gateway",
                    "depends_on": [
                        "aws_vpc.main"
                    ],
                    "primary": {
                        "id": "igw-5cbb2035",
                        "attributes": {
                            "id": "igw-5cbb2035",
                            "tags.%": "5",
                            "tags.Name": "prod-igw",
                            "tags.account_name": "jive-ps-prod",
                            "tags.pipeline_phase": "prod",
                            "tags.region": "eu-central-1",
                            "tags.sla": "prod",
                            "vpc_id": "vpc-8f9fa6e6"
                        },
                        "meta": {},
                        "tainted": false
                    },
                    "deposed": [],
                    "provider": ""
                },
                "aws_nat_gateway.natgw.0": {
                    "type": "aws_nat_gateway",
                    "depends_on": [
                        "aws_eip.natgw.*",
                        "aws_internet_gateway.igw",
                        "aws_subnet.public.*"
                    ],
                    "primary": {
                        "id": "nat-09f46cc4c508faf61",
                        "attributes": {
                            "allocation_id": "eipalloc-aca81dc5",
                            "id": "nat-09f46cc4c508faf61",
                            "network_interface_id": "eni-4c298823",
                            "private_ip": "10.126.220.8",
                            "public_ip": "52.29.107.189",
                            "subnet_id": "subnet-88cb22e0"
                        },
                        "meta": {},
                        "tainted": false
                    },
                    "deposed": [],
                    "provider": ""
                },
                "aws_nat_gateway.natgw.1": {
                    "type": "aws_nat_gateway",
                    "depends_on": [
                        "aws_eip.natgw.*",
                        "aws_internet_gateway.igw",
                        "aws_subnet.public.*"
                    ],
                    "primary": {
                        "id": "nat-0b668a394b0cd018b",
                        "attributes": {
                            "allocation_id": "eipalloc-97b2fafe",
                            "id": "nat-0b668a394b0cd018b",
                            "network_interface_id": "eni-b8c6e7c6",
                            "private_ip": "10.126.220.211",
                            "public_ip": "52.57.203.33",
                            "subnet_id": "subnet-c3d3d6b8"
                        },
                        "meta": {},
                        "tainted": false
                    },
                    "deposed": [],
                    "provider": ""
                },
                "aws_route.bastion_natdc.0": {
                    "type": "aws_route",
                    "depends_on": [
                        "aws_route_table.natdc.*",
                        "aws_vpc_peering_connection.infra"
                    ],
                    "primary": {
                        "id": "r-rtb-0ab1a063710935066",
                        "attributes": {
                            "destination_cidr_block": "10.127.61.7/32",
                            "destination_prefix_list_id": "",
                            "egress_only_gateway_id": "",
                            "gateway_id": "",
                            "id": "r-rtb-0ab1a063710935066",
                            "instance_id": "",
                            "instance_owner_id": "",
                            "nat_gateway_id": "",
                            "network_interface_id": "",
                            "origin": "CreateRoute",
                            "route_table_id": "rtb-0ab1a063",
                            "state": "active",
                            "vpc_peering_connection_id": "pcx-703ce819"
                        },
                        "meta": {},
                        "tainted": false
                    },
                    "deposed": [],
                    "provider": ""
                },
                "aws_route.bastion_natdc.1": {
                    "type": "aws_route",
                    "depends_on": [
                        "aws_route_table.natdc.*",
                        "aws_vpc_peering_connection.infra"
                    ],
                    "primary": {
                        "id": "r-rtb-2ed69146710935066",
                        "attributes": {
                            "destination_cidr_block": "10.127.61.7/32",
                            "destination_prefix_list_id": "",
                            "egress_only_gateway_id": "",
                            "gateway_id": "",
                            "id": "r-rtb-2ed69146710935066",
                            "instance_id": "",
                            "instance_owner_id": "",
                            "nat_gateway_id": "",
                            "network_interface_id": "",
                            "origin": "CreateRoute",
                            "route_table_id": "rtb-2ed69146",
                            "state": "active",
                            "vpc_peering_connection_id": "pcx-703ce819"
                        },
                        "meta": {},
                        "tainted": false
                    },
                    "deposed": [],
                    "provider": ""
                },
                "aws_route.bastion_private": {
                    "type": "aws_route",
                    "depends_on": [
                        "aws_route_table.private",
                        "aws_vpc_peering_connection.infra"
                    ],
                    "primary": {
                        "id": "r-rtb-29b1a040710935066",
                        "attributes": {
                            "destination_cidr_block": "10.127.61.7/32",
                            "destination_prefix_list_id": "",
                            "egress_only_gateway_id": "",
                            "gateway_id": "",
                            "id": "r-rtb-29b1a040710935066",
                            "instance_id": "",
                            "instance_owner_id": "",
                            "nat_gateway_id": "",
                            "network_interface_id": "",
                            "origin": "CreateRoute",
                            "route_table_id": "rtb-29b1a040",
                            "state": "active",
                            "vpc_peering_connection_id": "pcx-703ce819"
                        },
                        "meta": {},
                        "tainted": false
                    },
                    "deposed": [],
                    "provider": ""
                },
                "aws_route.bastion_public": {
                    "type": "aws_route",
                    "depends_on": [
                        "aws_route_table.public",
                        "aws_vpc_peering_connection.infra"
                    ],
                    "primary": {
                        "id": "r-rtb-56b1a03f710935066",
                        "attributes": {
                            "destination_cidr_block": "10.127.61.7/32",
                            "destination_prefix_list_id": "",
                            "egress_only_gateway_id": "",
                            "gateway_id": "",
                            "id": "r-rtb-56b1a03f710935066",
                            "instance_id": "",
                            "instance_owner_id": "",
                            "nat_gateway_id": "",
                            "network_interface_id": "",
                            "origin": "CreateRoute",
                            "route_table_id": "rtb-56b1a03f",
                            "state": "active",
                            "vpc_peering_connection_id": "pcx-703ce819"
                        },
                        "meta": {},
                        "tainted": false
                    },
                    "deposed": [],
                    "provider": ""
                },
                "aws_route.infra_natdc.0": {
                    "type": "aws_route",
                    "depends_on": [
                        "aws_vpc_peering_connection.infra"
                    ],
                    "primary": {
                        "id": "r-rtb-678a9b0e1632969089",
                        "attributes": {
                            "destination_cidr_block": "10.126.208.0/20",
                            "destination_prefix_list_id": "",
                            "egress_only_gateway_id": "",
                            "gateway_id": "",
                            "id": "r-rtb-678a9b0e1632969089",
                            "instance_id": "",
                            "instance_owner_id": "",
                            "nat_gateway_id": "",
                            "network_interface_id": "",
                            "origin": "CreateRoute",
                            "route_table_id": "rtb-678a9b0e",
                            "state": "active",
                            "vpc_peering_connection_id": "pcx-703ce819"
                        },
                        "meta": {},
                        "tainted": false
                    },
                    "deposed": [],
                    "provider": ""
                },
                "aws_route.infra_natdc.1": {
                    "type": "aws_route",
                    "depends_on": [
                        "aws_vpc_peering_connection.infra"
                    ],
                    "primary": {
                        "id": "r-rtb-fcd691941632969089",
                        "attributes": {
                            "destination_cidr_block": "10.126.208.0/20",
                            "destination_prefix_list_id": "",
                            "egress_only_gateway_id": "",
                            "gateway_id": "",
                            "id": "r-rtb-fcd691941632969089",
                            "instance_id": "",
                            "instance_owner_id": "",
                            "nat_gateway_id": "",
                            "network_interface_id": "",
                            "origin": "CreateRoute",
                            "route_table_id": "rtb-fcd69194",
                            "state": "active",
                            "vpc_peering_connection_id": "pcx-703ce819"
                        },
                        "meta": {},
                        "tainted": false
                    },
                    "deposed": [],
                    "provider": ""
                },
                "aws_route.infra_private": {
                    "type": "aws_route",
                    "depends_on": [
                        "aws_vpc_peering_connection.infra"
                    ],
                    "primary": {
                        "id": "r-rtb-8d8b9ae41632969089",
                        "attributes": {
                            "destination_cidr_block": "10.126.208.0/20",
                            "destination_prefix_list_id": "",
                            "egress_only_gateway_id": "",
                            "gateway_id": "",
                            "id": "r-rtb-8d8b9ae41632969089",
                            "instance_id": "",
                            "instance_owner_id": "",
                            "nat_gateway_id": "",
                            "network_interface_id": "",
                            "origin": "CreateRoute",
                            "route_table_id": "rtb-8d8b9ae4",
                            "state": "active",
                            "vpc_peering_connection_id": "pcx-703ce819"
                        },
                        "meta": {},
                        "tainted": false
                    },
                    "deposed": [],
                    "provider": ""
                },
                "aws_route.infra_public": {
                    "type": "aws_route",
                    "depends_on": [
                        "aws_vpc_peering_connection.infra"
                    ],
                    "primary": {
                        "id": "r-rtb-8e8b9ae71632969089",
                        "attributes": {
                            "destination_cidr_block": "10.126.208.0/20",
                            "destination_prefix_list_id": "",
                            "egress_only_gateway_id": "",
                            "gateway_id": "",
                            "id": "r-rtb-8e8b9ae71632969089",
                            "instance_id": "",
                            "instance_owner_id": "",
                            "nat_gateway_id": "",
                            "network_interface_id": "",
                            "origin": "CreateRoute",
                            "route_table_id": "rtb-8e8b9ae7",
                            "state": "active",
                            "vpc_peering_connection_id": "pcx-703ce819"
                        },
                        "meta": {},
                        "tainted": false
                    },
                    "deposed": [],
                    "provider": ""
                },
                "aws_route53_zone_association.route53": {
                    "type": "aws_route53_zone_association",
                    "depends_on": [
                        "aws_vpc.main"
                    ],
                    "primary": {
                        "id": "Z2IC7CCTBC9E6B:vpc-8f9fa6e6",
                        "attributes": {
                            "id": "Z2IC7CCTBC9E6B:vpc-8f9fa6e6",
                            "vpc_id": "vpc-8f9fa6e6",
                            "vpc_region": "eu-central-1",
                            "zone_id": "Z2IC7CCTBC9E6B"
                        },
                        "meta": {},
                        "tainted": false
                    },
                    "deposed": [],
                    "provider": ""
                },
                "aws_route_table.natdc.0": {
                    "type": "aws_route_table",
                    "depends_on": [
                        "aws_nat_gateway.natgw",
                        "aws_vpc.main",
                        "aws_vpn_gateway.vgw"
                    ],
                    "primary": {
                        "id": "rtb-0ab1a063",
                        "attributes": {
                            "id": "rtb-0ab1a063",
                            "propagating_vgws.#": "1",
                            "propagating_vgws.1836297121": "vgw-7829a548",
                            "route.#": "2",
                            "route.2122931237.cidr_block": "0.0.0.0/0",
                            "route.2122931237.egress_only_gateway_id": "",
                            "route.2122931237.gateway_id": "",
                            "route.2122931237.instance_id": "",
                            "route.2122931237.ipv6_cidr_block": "",
                            "route.2122931237.nat_gateway_id": "nat-0b668a394b0cd018b",
                            "route.2122931237.network_interface_id": "",
                            "route.2122931237.vpc_peering_connection_id": "",
                            "route.488693512.cidr_block": "10.127.61.7/32",
                            "route.488693512.egress_only_gateway_id": "",
                            "route.488693512.gateway_id": "",
                            "route.488693512.instance_id": "",
                            "route.488693512.ipv6_cidr_block": "",
                            "route.488693512.nat_gateway_id": "",
                            "route.488693512.network_interface_id": "",
                            "route.488693512.vpc_peering_connection_id": "pcx-703ce819",
                            "tags.%": "5",
                            "tags.Name": "prod-natdc-routetable",
                            "tags.account_name": "jive-ps-prod",
                            "tags.pipeline_phase": "prod",
                            "tags.region": "eu-central-1",
                            "tags.sla": "prod",
                            "vpc_id": "vpc-8f9fa6e6"
                        },
                        "meta": {},
                        "tainted": false
                    },
                    "deposed": [],
                    "provider": ""
                },
                "aws_route_table.natdc.1": {
                    "type": "aws_route_table",
                    "depends_on": [
                        "aws_nat_gateway.natgw.*",
                        "aws_vpc.main",
                        "aws_vpn_gateway.vgw"
                    ],
                    "primary": {
                        "id": "rtb-2ed69146",
                        "attributes": {
                            "id": "rtb-2ed69146",
                            "propagating_vgws.#": "1",
                            "propagating_vgws.1836297121": "vgw-7829a548",
                            "route.#": "2",
                            "route.2122931237.cidr_block": "0.0.0.0/0",
                            "route.2122931237.egress_only_gateway_id": "",
                            "route.2122931237.gateway_id": "",
                            "route.2122931237.instance_id": "",
                            "route.2122931237.ipv6_cidr_block": "",
                            "route.2122931237.nat_gateway_id": "nat-0b668a394b0cd018b",
                            "route.2122931237.network_interface_id": "",
                            "route.2122931237.vpc_peering_connection_id": "",
                            "route.488693512.cidr_block": "10.127.61.7/32",
                            "route.488693512.egress_only_gateway_id": "",
                            "route.488693512.gateway_id": "",
                            "route.488693512.instance_id": "",
                            "route.488693512.ipv6_cidr_block": "",
                            "route.488693512.nat_gateway_id": "",
                            "route.488693512.network_interface_id": "",
                            "route.488693512.vpc_peering_connection_id": "pcx-703ce819",
                            "tags.%": "5",
                            "tags.Name": "prod-natdc-routetable",
                            "tags.account_name": "jive-ps-prod",
                            "tags.pipeline_phase": "prod",
                            "tags.region": "eu-central-1",
                            "tags.sla": "prod",
                            "vpc_id": "vpc-8f9fa6e6"
                        },
                        "meta": {},
                        "tainted": false
                    },
                    "deposed": [],
                    "provider": ""
                },
                "aws_route_table.private": {
                    "type": "aws_route_table",
                    "depends_on": [
                        "aws_vpc.main"
                    ],
                    "primary": {
                        "id": "rtb-29b1a040",
                        "attributes": {
                            "id": "rtb-29b1a040",
                            "propagating_vgws.#": "0",
                            "route.#": "1",
                            "route.488693512.cidr_block": "10.127.61.7/32",
                            "route.488693512.egress_only_gateway_id": "",
                            "route.488693512.gateway_id": "",
                            "route.488693512.instance_id": "",
                            "route.488693512.ipv6_cidr_block": "",
                            "route.488693512.nat_gateway_id": "",
                            "route.488693512.network_interface_id": "",
                            "route.488693512.vpc_peering_connection_id": "pcx-703ce819",
                            "tags.%": "5",
                            "tags.Name": "prod-private-routetable",
                            "tags.account_name": "jive-ps-prod",
                            "tags.pipeline_phase": "prod",
                            "tags.region": "eu-central-1",
                            "tags.sla": "prod",
                            "vpc_id": "vpc-8f9fa6e6"
                        },
                        "meta": {},
                        "tainted": false
                    },
                    "deposed": [],
                    "provider": ""
                },
                "aws_route_table.public": {
                    "type": "aws_route_table",
                    "depends_on": [
                        "aws_internet_gateway.igw",
                        "aws_vpc.main"
                    ],
                    "primary": {
                        "id": "rtb-56b1a03f",
                        "attributes": {
                            "id": "rtb-56b1a03f",
                            "propagating_vgws.#": "0",
                            "route.#": "2",
                            "route.2040670545.cidr_block": "0.0.0.0/0",
                            "route.2040670545.egress_only_gateway_id": "",
                            "route.2040670545.gateway_id": "igw-5cbb2035",
                            "route.2040670545.instance_id": "",
                            "route.2040670545.ipv6_cidr_block": "",
                            "route.2040670545.nat_gateway_id": "",
                            "route.2040670545.network_interface_id": "",
                            "route.2040670545.vpc_peering_connection_id": "",
                            "route.488693512.cidr_block": "10.127.61.7/32",
                            "route.488693512.egress_only_gateway_id": "",
                            "route.488693512.gateway_id": "",
                            "route.488693512.instance_id": "",
                            "route.488693512.ipv6_cidr_block": "",
                            "route.488693512.nat_gateway_id": "",
                            "route.488693512.network_interface_id": "",
                            "route.488693512.vpc_peering_connection_id": "pcx-703ce819",
                            "tags.%": "6",
                            "tags.KubernetesCluster": "eu-central-1_jive-ps-prod",
                            "tags.Name": "prod-public-routetable",
                            "tags.account_name": "jive-ps-prod",
                            "tags.pipeline_phase": "prod",
                            "tags.region": "eu-central-1",
                            "tags.sla": "prod",
                            "vpc_id": "vpc-8f9fa6e6"
                        },
                        "meta": {},
                        "tainted": false
                    },
                    "deposed": [],
                    "provider": ""
                },
                "aws_route_table_association.natdc.0": {
                    "type": "aws_route_table_association",
                    "depends_on": [
                        "aws_route_table.natdc.*",
                        "aws_subnet.natdc.*"
                    ],
                    "primary": {
                        "id": "rtbassoc-555c8f3d",
                        "attributes": {
                            "id": "rtbassoc-555c8f3d",
                            "route_table_id": "rtb-0ab1a063",
                            "subnet_id": "subnet-cdd3d6b6"
                        },
                        "meta": {},
                        "tainted": false
                    },
                    "deposed": [],
                    "provider": ""
                },
                "aws_route_table_association.natdc.1": {
                    "type": "aws_route_table_association",
                    "depends_on": [
                        "aws_route_table.natdc.*",
                        "aws_subnet.natdc.*"
                    ],
                    "primary": {
                        "id": "rtbassoc-1a807371",
                        "attributes": {
                            "id": "rtbassoc-1a807371",
                            "route_table_id": "rtb-2ed69146",
                            "subnet_id": "subnet-b7cb22df"
                        },
                        "meta": {},
                        "tainted": false
                    },
                    "deposed": [],
                    "provider": ""
                },
                "aws_route_table_association.private.0": {
                    "type": "aws_route_table_association",
                    "depends_on": [
                        "aws_route_table.private",
                        "aws_subnet.private"
                    ],
                    "primary": {
                        "id": "rtbassoc-905d8ef8",
                        "attributes": {
                            "id": "rtbassoc-905d8ef8",
                            "route_table_id": "rtb-29b1a040",
                            "subnet_id": "subnet-b6cb22de"
                        },
                        "meta": {},
                        "tainted": false
                    },
                    "deposed": [],
                    "provider": ""
                },
                "aws_route_table_association.private.1": {
                    "type": "aws_route_table_association",
                    "depends_on": [
                        "aws_route_table.private",
                        "aws_subnet.private"
                    ],
                    "primary": {
                        "id": "rtbassoc-915d8ef9",
                        "attributes": {
                            "id": "rtbassoc-915d8ef9",
                            "route_table_id": "rtb-29b1a040",
                            "subnet_id": "subnet-ccd3d6b7"
                        },
                        "meta": {},
                        "tainted": false
                    },
                    "deposed": [],
                    "provider": ""
                },
                "aws_route_table_association.public.0": {
                    "type": "aws_route_table_association",
                    "depends_on": [
                        "aws_route_table.public",
                        "aws_subnet.public"
                    ],
                    "primary": {
                        "id": "rtbassoc-935d8efb",
                        "attributes": {
                            "id": "rtbassoc-935d8efb",
                            "route_table_id": "rtb-56b1a03f",
                            "subnet_id": "subnet-88cb22e0"
                        },
                        "meta": {},
                        "tainted": false
                    },
                    "deposed": [],
                    "provider": ""
                },
                "aws_route_table_association.public.1": {
                    "type": "aws_route_table_association",
                    "depends_on": [
                        "aws_route_table.public",
                        "aws_subnet.public"
                    ],
                    "primary": {
                        "id": "rtbassoc-945d8efc",
                        "attributes": {
                            "id": "rtbassoc-945d8efc",
                            "route_table_id": "rtb-56b1a03f",
                            "subnet_id": "subnet-c3d3d6b8"
                        },
                        "meta": {},
                        "tainted": false
                    },
                    "deposed": [],
                    "provider": ""
                },
                "aws_security_group.admin_instance": {
                    "type": "aws_security_group",
                    "depends_on": [
                        "aws_vpc.main"
                    ],
                    "primary": {
                        "id": "sg-ddfa54b5",
                        "attributes": {
                            "description": "Admin instances for the VPC",
                            "egress.#": "0",
                            "id": "sg-ddfa54b5",
                            "ingress.#": "0",
                            "name": "prod-admin-instance",
                            "owner_id": "874979382819",
                            "tags.%": "5",
                            "tags.Name": "prod-admin-instance",
                            "tags.account_name": "jive-ps-prod",
                            "tags.pipeline_phase": "prod",
                            "tags.region": "eu-central-1",
                            "tags.sla": "prod",
                            "vpc_id": "vpc-8f9fa6e6"
                        },
                        "meta": {},
                        "tainted": false
                    },
                    "deposed": [],
                    "provider": ""
                },
                "aws_security_group.env_instance": {
                    "type": "aws_security_group",
                    "depends_on": [
                        "aws_vpc.main",
                        "data.aws_security_group.bastion"
                    ],
                    "primary": {
                        "id": "sg-d0fa54b8",
                        "attributes": {
                            "description": "All instances within the evironment",
                            "egress.#": "1",
                            "egress.482069346.cidr_blocks.#": "1",
                            "egress.482069346.cidr_blocks.0": "0.0.0.0/0",
                            "egress.482069346.from_port": "0",
                            "egress.482069346.ipv6_cidr_blocks.#": "0",
                            "egress.482069346.prefix_list_ids.#": "0",
                            "egress.482069346.protocol": "-1",
                            "egress.482069346.security_groups.#": "0",
                            "egress.482069346.self": "false",
                            "egress.482069346.to_port": "0",
                            "id": "sg-d0fa54b8",
                            "ingress.#": "3",
                            "ingress.2080688738.cidr_blocks.#": "0",
                            "ingress.2080688738.from_port": "8",
                            "ingress.2080688738.ipv6_cidr_blocks.#": "0",
                            "ingress.2080688738.protocol": "icmp",
                            "ingress.2080688738.security_groups.#": "1",
                            "ingress.2080688738.security_groups.1171514063": "sg-9ee24cf6",
                            "ingress.2080688738.self": "false",
                            "ingress.2080688738.to_port": "0",
                            "ingress.3245348289.cidr_blocks.#": "0",
                            "ingress.3245348289.from_port": "22",
                            "ingress.3245348289.ipv6_cidr_blocks.#": "0",
                            "ingress.3245348289.protocol": "tcp",
                            "ingress.3245348289.security_groups.#": "1",
                            "ingress.3245348289.security_groups.1171514063": "sg-9ee24cf6",
                            "ingress.3245348289.self": "false",
                            "ingress.3245348289.to_port": "22",
                            "ingress.3280021429.cidr_blocks.#": "1",
                            "ingress.3280021429.cidr_blocks.0": "10.0.0.0/8",
                            "ingress.3280021429.from_port": "8",
                            "ingress.3280021429.ipv6_cidr_blocks.#": "0",
                            "ingress.3280021429.protocol": "icmp",
                            "ingress.3280021429.security_groups.#": "0",
                            "ingress.3280021429.self": "false",
                            "ingress.3280021429.to_port": "0",
                            "name": "prod-instance",
                            "owner_id": "874979382819",
                            "tags.%": "5",
                            "tags.Name": "prod-instance",
                            "tags.account_name": "jive-ps-prod",
                            "tags.pipeline_phase": "prod",
                            "tags.region": "eu-central-1",
                            "tags.sla": "prod",
                            "vpc_id": "vpc-8f9fa6e6"
                        },
                        "meta": {},
                        "tainted": false
                    },
                    "deposed": [],
                    "provider": ""
                },
                "aws_security_group.natgw_instance": {
                    "type": "aws_security_group",
                    "depends_on": [
                        "aws_security_group.env_instance",
                        "aws_vpc.main"
                    ],
                    "primary": {
                        "id": "sg-d7fa54bf",
                        "attributes": {
                            "description": "Members of this SG are allowed to send any type of traffic to the NAT Box.",
                            "egress.#": "0",
                            "id": "sg-d7fa54bf",
                            "ingress.#": "1",
                            "ingress.1429344185.cidr_blocks.#": "0",
                            "ingress.1429344185.from_port": "0",
                            "ingress.1429344185.ipv6_cidr_blocks.#": "0",
                            "ingress.1429344185.protocol": "-1",
                            "ingress.1429344185.security_groups.#": "1",
                            "ingress.1429344185.security_groups.1369551406": "sg-d0fa54b8",
                            "ingress.1429344185.self": "false",
                            "ingress.1429344185.to_port": "0",
                            "name": "prod-natgw-instance",
                            "owner_id": "874979382819",
                            "tags.%": "5",
                            "tags.Name": "prod-natgw-instance",
                            "tags.account_name": "jive-ps-prod",
                            "tags.pipeline_phase": "prod",
                            "tags.region": "eu-central-1",
                            "tags.sla": "prod",
                            "vpc_id": "vpc-8f9fa6e6"
                        },
                        "meta": {},
                        "tainted": false
                    },
                    "deposed": [],
                    "provider": ""
                },
                "aws_subnet.natdc.0": {
                    "type": "aws_subnet",
                    "depends_on": [
                        "aws_vpc.main"
                    ],
                    "primary": {
                        "id": "subnet-b7cb22df",
                        "attributes": {
                            "assign_ipv6_address_on_creation": "false",
                            "availability_zone": "eu-central-1a",
                            "cidr_block": "10.126.208.0/22",
                            "id": "subnet-b7cb22df",
                            "map_public_ip_on_launch": "false",
                            "tags.%": "5",
                            "tags.Name": "prod-natdc-subnet",
                            "tags.account_name": "jive-ps-prod",
                            "tags.pipeline_phase": "prod",
                            "tags.region": "eu-central-1",
                            "tags.sla": "prod",
                            "vpc_id": "vpc-8f9fa6e6"
                        },
                        "meta": {},
                        "tainted": false
                    },
                    "deposed": [],
                    "provider": ""
                },
                "aws_subnet.natdc.1": {
                    "type": "aws_subnet",
                    "depends_on": [
                        "aws_vpc.main"
                    ],
                    "primary": {
                        "id": "subnet-cdd3d6b6",
                        "attributes": {
                            "assign_ipv6_address_on_creation": "false",
                            "availability_zone": "eu-central-1b",
                            "cidr_block": "10.126.212.0/22",
                            "id": "subnet-cdd3d6b6",
                            "map_public_ip_on_launch": "false",
                            "tags.%": "5",
                            "tags.Name": "prod-natdc-subnet",
                            "tags.account_name": "jive-ps-prod",
                            "tags.pipeline_phase": "prod",
                            "tags.region": "eu-central-1",
                            "tags.sla": "prod",
                            "vpc_id": "vpc-8f9fa6e6"
                        },
                        "meta": {},
                        "tainted": false
                    },
                    "deposed": [],
                    "provider": ""
                },
                "aws_subnet.private.0": {
                    "type": "aws_subnet",
                    "depends_on": [
                        "aws_vpc.main"
                    ],
                    "primary": {
                        "id": "subnet-b6cb22de",
                        "attributes": {
                            "assign_ipv6_address_on_creation": "false",
                            "availability_zone": "eu-central-1a",
                            "cidr_block": "10.126.221.128/25",
                            "id": "subnet-b6cb22de",
                            "map_public_ip_on_launch": "false",
                            "tags.%": "5",
                            "tags.Name": "prod-private-subnet",
                            "tags.account_name": "jive-ps-prod",
                            "tags.pipeline_phase": "prod",
                            "tags.region": "eu-central-1",
                            "tags.sla": "prod",
                            "vpc_id": "vpc-8f9fa6e6"
                        },
                        "meta": {},
                        "tainted": false
                    },
                    "deposed": [],
                    "provider": ""
                },
                "aws_subnet.private.1": {
                    "type": "aws_subnet",
                    "depends_on": [
                        "aws_vpc.main"
                    ],
                    "primary": {
                        "id": "subnet-ccd3d6b7",
                        "attributes": {
                            "assign_ipv6_address_on_creation": "false",
                            "availability_zone": "eu-central-1b",
                            "cidr_block": "10.126.222.0/25",
                            "id": "subnet-ccd3d6b7",
                            "map_public_ip_on_launch": "false",
                            "tags.%": "5",
                            "tags.Name": "prod-private-subnet",
                            "tags.account_name": "jive-ps-prod",
                            "tags.pipeline_phase": "prod",
                            "tags.region": "eu-central-1",
                            "tags.sla": "prod",
                            "vpc_id": "vpc-8f9fa6e6"
                        },
                        "meta": {},
                        "tainted": false
                    },
                    "deposed": [],
                    "provider": ""
                },
                "aws_subnet.public.0": {
                    "type": "aws_subnet",
                    "depends_on": [
                        "aws_vpc.main"
                    ],
                    "primary": {
                        "id": "subnet-88cb22e0",
                        "attributes": {
                            "assign_ipv6_address_on_creation": "false",
                            "availability_zone": "eu-central-1a",
                            "cidr_block": "10.126.220.0/25",
                            "id": "subnet-88cb22e0",
                            "map_public_ip_on_launch": "false",
                            "tags.%": "6",
                            "tags.KubernetesCluster": "eu-central-1_jive-ps-prod",
                            "tags.Name": "prod-public-subnet",
                            "tags.account_name": "jive-ps-prod",
                            "tags.pipeline_phase": "prod",
                            "tags.region": "eu-central-1",
                            "tags.sla": "prod",
                            "vpc_id": "vpc-8f9fa6e6"
                        },
                        "meta": {},
                        "tainted": false
                    },
                    "deposed": [],
                    "provider": ""
                },
                "aws_subnet.public.1": {
                    "type": "aws_subnet",
                    "depends_on": [
                        "aws_vpc.main"
                    ],
                    "primary": {
                        "id": "subnet-c3d3d6b8",
                        "attributes": {
                            "assign_ipv6_address_on_creation": "false",
                            "availability_zone": "eu-central-1b",
                            "cidr_block": "10.126.220.128/25",
                            "id": "subnet-c3d3d6b8",
                            "map_public_ip_on_launch": "false",
                            "tags.%": "6",
                            "tags.KubernetesCluster": "eu-central-1_jive-ps-prod",
                            "tags.Name": "prod-public-subnet",
                            "tags.account_name": "jive-ps-prod",
                            "tags.pipeline_phase": "prod",
                            "tags.region": "eu-central-1",
                            "tags.sla": "prod",
                            "vpc_id": "vpc-8f9fa6e6"
                        },
                        "meta": {},
                        "tainted": false
                    },
                    "deposed": [],
                    "provider": ""
                },
                "aws_vpc.main": {
                    "type": "aws_vpc",
                    "depends_on": [],
                    "primary": {
                        "id": "vpc-8f9fa6e6",
                        "attributes": {
                            "assign_generated_ipv6_cidr_block": "false",
                            "cidr_block": "10.126.208.0/20",
                            "default_network_acl_id": "acl-1f8a9f76",
                            "default_route_table_id": "rtb-52b1a03b",
                            "default_security_group_id": "sg-dafa54b2",
                            "dhcp_options_id": "dopt-8dc15be4",
                            "enable_dns_hostnames": "true",
                            "enable_dns_support": "true",
                            "id": "vpc-8f9fa6e6",
                            "instance_tenancy": "default",
                            "main_route_table_id": "rtb-52b1a03b",
                            "tags.%": "5",
                            "tags.Name": "prod-vpc",
                            "tags.account_name": "jive-ps-prod",
                            "tags.pipeline_phase": "prod",
                            "tags.region": "eu-central-1",
                            "tags.sla": "prod"
                        },
                        "meta": {
                            "schema_version": "1"
                        },
                        "tainted": false
                    },
                    "deposed": [],
                    "provider": ""
                },
                "aws_vpc_peering_connection.infra": {
                    "type": "aws_vpc_peering_connection",
                    "depends_on": [
                        "aws_vpc.main"
                    ],
                    "primary": {
                        "id": "pcx-703ce819",
                        "attributes": {
                            "accept_status": "active",
                            "accepter.#": "1",
                            "accepter.3244290774.allow_classic_link_to_remote_vpc": "false",
                            "accepter.3244290774.allow_remote_vpc_dns_resolution": "false",
                            "accepter.3244290774.allow_vpc_to_remote_classic_link": "false",
                            "auto_accept": "true",
                            "id": "pcx-703ce819",
                            "peer_owner_id": "874979382819",
                            "peer_vpc_id": "vpc-4e9ba227",
                            "requester.#": "1",
                            "requester.3244290774.allow_classic_link_to_remote_vpc": "false",
                            "requester.3244290774.allow_remote_vpc_dns_resolution": "false",
                            "requester.3244290774.allow_vpc_to_remote_classic_link": "false",
                            "tags.%": "5",
                            "tags.Name": "prod_to_infra-jive-ps-prod",
                            "tags.account_name": "jive-ps-prod",
                            "tags.pipeline_phase": "prod",
                            "tags.region": "eu-central-1",
                            "tags.sla": "prod",
                            "vpc_id": "vpc-8f9fa6e6"
                        },
                        "meta": {},
                        "tainted": false
                    },
                    "deposed": [],
                    "provider": ""
                },
                "aws_vpn_connection.main": {
                    "type": "aws_vpn_connection",
                    "depends_on": [
                        "aws_vpn_gateway.vgw"
                    ],
                    "primary": {
                        "id": "vpn-05d2356c",
                        "attributes": {
                            "customer_gateway_configuration": "\u003c?xml version=\"1.0\" encoding=\"UTF-8\"?\u003e\n\u003cvpn_connection id=\"vpn-05d2356c\"\u003e\n  \u003ccustomer_gateway_id\u003ecgw-c0f678f0\u003c/customer_gateway_id\u003e\n  \u003cvpn_gateway_id\u003evgw-7829a548\u003c/vpn_gateway_id\u003e\n  \u003cvpn_connection_type\u003eipsec.1\u003c/vpn_connection_type\u003e\n  \u003cipsec_tunnel\u003e\n    \u003ccustomer_gateway\u003e\n      \u003ctunnel_outside_address\u003e\n        \u003cip_address\u003e204.93.80.68\u003c/ip_address\u003e\n      \u003c/tunnel_outside_address\u003e\n      \u003ctunnel_inside_address\u003e\n        \u003cip_address\u003e169.254.40.46\u003c/ip_address\u003e\n        \u003cnetwork_mask\u003e255.255.255.252\u003c/network_mask\u003e\n        \u003cnetwork_cidr\u003e30\u003c/network_cidr\u003e\n      \u003c/tunnel_inside_address\u003e\n      \u003cbgp\u003e\n        \u003casn\u003e13364\u003c/asn\u003e\n        \u003chold_time\u003e30\u003c/hold_time\u003e\n      \u003c/bgp\u003e\n    \u003c/customer_gateway\u003e\n    \u003cvpn_gateway\u003e\n      \u003ctunnel_outside_address\u003e\n        \u003cip_address\u003e35.157.3.196\u003c/ip_address\u003e\n      \u003c/tunnel_outside_address\u003e\n      \u003ctunnel_inside_address\u003e\n        \u003cip_address\u003e169.254.40.45\u003c/ip_address\u003e\n        \u003cnetwork_mask\u003e255.255.255.252\u003c/network_mask\u003e\n        \u003cnetwork_cidr\u003e30\u003c/network_cidr\u003e\n      \u003c/tunnel_inside_address\u003e\n      \u003cbgp\u003e\n        \u003casn\u003e7224\u003c/asn\u003e\n        \u003chold_time\u003e30\u003c/hold_time\u003e\n      \u003c/bgp\u003e\n    \u003c/vpn_gateway\u003e\n    \u003cike\u003e\n      \u003cauthentication_protocol\u003esha1\u003c/authentication_protocol\u003e\n      \u003cencryption_protocol\u003eaes-128-cbc\u003c/encryption_protocol\u003e\n      \u003clifetime\u003e28800\u003c/lifetime\u003e\n      \u003cperfect_forward_secrecy\u003egroup2\u003c/perfect_forward_secrecy\u003e\n      \u003cmode\u003emain\u003c/mode\u003e\n      \u003cpre_shared_key\u003e5KYO5.JAun6.qKVh8rFEH2p65NGTp3j2\u003c/pre_shared_key\u003e\n    \u003c/ike\u003e\n    \u003cipsec\u003e\n      \u003cprotocol\u003eesp\u003c/protocol\u003e\n      \u003cauthentication_protocol\u003ehmac-sha1-96\u003c/authentication_protocol\u003e\n      \u003cencryption_protocol\u003eaes-128-cbc\u003c/encryption_protocol\u003e\n      \u003clifetime\u003e3600\u003c/lifetime\u003e\n      \u003cperfect_forward_secrecy\u003egroup2\u003c/perfect_forward_secrecy\u003e\n      \u003cmode\u003etunnel\u003c/mode\u003e\n      \u003cclear_df_bit\u003etrue\u003c/clear_df_bit\u003e\n      \u003cfragmentation_before_encryption\u003etrue\u003c/fragmentation_before_encryption\u003e\n      \u003ctcp_mss_adjustment\u003e1379\u003c/tcp_mss_adjustment\u003e\n      \u003cdead_peer_detection\u003e\n        \u003cinterval\u003e10\u003c/interval\u003e\n        \u003cretries\u003e3\u003c/retries\u003e\n      \u003c/dead_peer_detection\u003e\n    \u003c/ipsec\u003e\n  \u003c/ipsec_tunnel\u003e\n  \u003cipsec_tunnel\u003e\n    \u003ccustomer_gateway\u003e\n      \u003ctunnel_outside_address\u003e\n        \u003cip_address\u003e204.93.80.68\u003c/ip_address\u003e\n      \u003c/tunnel_outside_address\u003e\n      \u003ctunnel_inside_address\u003e\n        \u003cip_address\u003e169.254.41.102\u003c/ip_address\u003e\n        \u003cnetwork_mask\u003e255.255.255.252\u003c/network_mask\u003e\n        \u003cnetwork_cidr\u003e30\u003c/network_cidr\u003e\n      \u003c/tunnel_inside_address\u003e\n      \u003cbgp\u003e\n        \u003casn\u003e13364\u003c/asn\u003e\n        \u003chold_time\u003e30\u003c/hold_time\u003e\n      \u003c/bgp\u003e\n    \u003c/customer_gateway\u003e\n    \u003cvpn_gateway\u003e\n      \u003ctunnel_outside_address\u003e\n        \u003cip_address\u003e52.57.133.83\u003c/ip_address\u003e\n      \u003c/tunnel_outside_address\u003e\n      \u003ctunnel_inside_address\u003e\n        \u003cip_address\u003e169.254.41.101\u003c/ip_address\u003e\n        \u003cnetwork_mask\u003e255.255.255.252\u003c/network_mask\u003e\n        \u003cnetwork_cidr\u003e30\u003c/network_cidr\u003e\n      \u003c/tunnel_inside_address\u003e\n      \u003cbgp\u003e\n        \u003casn\u003e7224\u003c/asn\u003e\n        \u003chold_time\u003e30\u003c/hold_time\u003e\n      \u003c/bgp\u003e\n    \u003c/vpn_gateway\u003e\n    \u003cike\u003e\n      \u003cauthentication_protocol\u003esha1\u003c/authentication_protocol\u003e\n      \u003cencryption_protocol\u003eaes-128-cbc\u003c/encryption_protocol\u003e\n      \u003clifetime\u003e28800\u003c/lifetime\u003e\n      \u003cperfect_forward_secrecy\u003egroup2\u003c/perfect_forward_secrecy\u003e\n      \u003cmode\u003emain\u003c/mode\u003e\n      \u003cpre_shared_key\u003ea.Y7Hgfd80aX.5tztypSEBlvl_dLHogd\u003c/pre_shared_key\u003e\n    \u003c/ike\u003e\n    \u003cipsec\u003e\n      \u003cprotocol\u003eesp\u003c/protocol\u003e\n      \u003cauthentication_protocol\u003ehmac-sha1-96\u003c/authentication_protocol\u003e\n      \u003cencryption_protocol\u003eaes-128-cbc\u003c/encryption_protocol\u003e\n      \u003clifetime\u003e3600\u003c/lifetime\u003e\n      \u003cperfect_forward_secrecy\u003egroup2\u003c/perfect_forward_secrecy\u003e\n      \u003cmode\u003etunnel\u003c/mode\u003e\n      \u003cclear_df_bit\u003etrue\u003c/clear_df_bit\u003e\n      \u003cfragmentation_before_encryption\u003etrue\u003c/fragmentation_before_encryption\u003e\n      \u003ctcp_mss_adjustment\u003e1379\u003c/tcp_mss_adjustment\u003e\n      \u003cdead_peer_detection\u003e\n        \u003cinterval\u003e10\u003c/interval\u003e\n        \u003cretries\u003e3\u003c/retries\u003e\n      \u003c/dead_peer_detection\u003e\n    \u003c/ipsec\u003e\n  \u003c/ipsec_tunnel\u003e\n\u003c/vpn_connection\u003e\n",
                            "customer_gateway_id": "cgw-c0f678f0",
                            "id": "vpn-05d2356c",
                            "routes.#": "0",
                            "static_routes_only": "false",
                            "tags.%": "5",
                            "tags.Name": "prod-jive-vpn",
                            "tags.account_name": "jive-ps-prod",
                            "tags.pipeline_phase": "prod",
                            "tags.region": "eu-central-1",
                            "tags.sla": "prod",
                            "tunnel1_address": "35.157.3.196",
                            "tunnel1_preshared_key": "5KYO5.JAun6.qKVh8rFEH2p65NGTp3j2",
                            "tunnel2_address": "52.57.133.83",
                            "tunnel2_preshared_key": "a.Y7Hgfd80aX.5tztypSEBlvl_dLHogd",
                            "type": "ipsec.1",
                            "vgw_telemetry.#": "2",
                            "vgw_telemetry.1296776741.accepted_route_count": "7",
                            "vgw_telemetry.1296776741.last_status_change": "2017-05-30 23:42:40 +0000 UTC",
                            "vgw_telemetry.1296776741.outside_ip_address": "35.157.3.196",
                            "vgw_telemetry.1296776741.status": "UP",
                            "vgw_telemetry.1296776741.status_message": "7 BGP ROUTES",
                            "vgw_telemetry.2700528676.accepted_route_count": "7",
                            "vgw_telemetry.2700528676.last_status_change": "2017-05-30 23:42:31 +0000 UTC",
                            "vgw_telemetry.2700528676.outside_ip_address": "52.57.133.83",
                            "vgw_telemetry.2700528676.status": "UP",
                            "vgw_telemetry.2700528676.status_message": "7 BGP ROUTES",
                            "vpn_gateway_id": "vgw-7829a548"
                        },
                        "meta": {},
                        "tainted": false
                    },
                    "deposed": [],
                    "provider": ""
                },
                "aws_vpn_gateway.vgw": {
                    "type": "aws_vpn_gateway",
                    "depends_on": [
                        "aws_vpc.main"
                    ],
                    "primary": {
                        "id": "vgw-7829a548",
                        "attributes": {
                            "availability_zone": "",
                            "id": "vgw-7829a548",
                            "tags.%": "7",
                            "tags.Name": "prod-vgw",
                            "tags.account_name": "jive-ps-prod",
                            "tags.jive_service": "infrastructure",
                            "tags.pipeline_phase": "prod",
                            "tags.region": "eu-central-1",
                            "tags.service_component": "vpn_gateway",
                            "tags.sla": "prod",
                            "vpc_id": "vpc-8f9fa6e6"
                        },
                        "meta": {},
                        "tainted": false
                    },
                    "deposed": [],
                    "provider": ""
                },
                "data.aws_security_group.bastion": {
                    "type": "aws_security_group",
                    "depends_on": [],
                    "primary": {
                        "id": "sg-9ee24cf6",
                        "attributes": {
                            "filter.#": "1",
                            "filter.1988431066.name": "tag:jive_service",
                            "filter.1988431066.values.#": "1",
                            "filter.1988431066.values.2480389212": "infrastructure",
                            "id": "sg-9ee24cf6",
                            "name": "infra-prod-jive-phx-dc",
                            "tags.%": "6",
                            "tags.Name": "infra-prod-jive-phx-dc",
                            "tags.account_name": "jive-ps-prod",
                            "tags.jive_service": "infrastructure",
                            "tags.pipeline_phase": "infra-prod",
                            "tags.region": "eu-central-1",
                            "tags.sla": "prod",
                            "vpc_id": "vpc-4e9ba227"
                        },
                        "meta": {},
                        "tainted": false
                    },
                    "deposed": [],
                    "provider": ""
                }
            },
            "depends_on": []
        }
    ]
}
