{
    "version": 3,
    "terraform_version": "0.9.4",
    "serial": 7,
    "lineage": "617ae4fb-3bf7-4edc-a9d6-088c11ff017f",
    "modules": [
        {
            "path": [
                "root"
            ],
            "outputs": {},
            "resources": {
                "aws_eip.natgw.0": {
                    "type": "aws_eip",
                    "depends_on": [],
                    "primary": {
                        "id": "eipalloc-b5b95086",
                        "attributes": {
                            "association_id": "eipassoc-e3f5cdd1",
                            "domain": "vpc",
                            "id": "eipalloc-b5b95086",
                            "instance": "",
                            "network_interface": "eni-2b43ed3c",
                            "private_ip": "10.125.106.33",
                            "public_ip": "34.226.164.60",
                            "vpc": "true"
                        },
                        "meta": {},
                        "tainted": false
                    },
                    "deposed": [],
                    "provider": ""
                },
                "aws_eip.natgw.1": {
                    "type": "aws_eip",
                    "depends_on": [],
                    "primary": {
                        "id": "eipalloc-bfa74e8c",
                        "attributes": {
                            "association_id": "eipassoc-bff3cb8d",
                            "domain": "vpc",
                            "id": "eipalloc-bfa74e8c",
                            "instance": "",
                            "network_interface": "eni-6fcdafc0",
                            "private_ip": "10.125.106.216",
                            "public_ip": "34.230.152.206",
                            "vpc": "true"
                        },
                        "meta": {},
                        "tainted": false
                    },
                    "deposed": [],
                    "provider": ""
                },
                "aws_eip.natgw.2": {
                    "type": "aws_eip",
                    "depends_on": [],
                    "primary": {
                        "id": "eipalloc-caa74ef9",
                        "attributes": {
                            "association_id": "eipassoc-84f7cfb6",
                            "domain": "vpc",
                            "id": "eipalloc-caa74ef9",
                            "instance": "",
                            "network_interface": "eni-537a6a80",
                            "private_ip": "10.125.107.107",
                            "public_ip": "34.226.10.25",
                            "vpc": "true"
                        },
                        "meta": {},
                        "tainted": false
                    },
                    "deposed": [],
                    "provider": ""
                },
                "aws_eip.natgw.3": {
                    "type": "aws_eip",
                    "depends_on": [],
                    "primary": {
                        "id": "eipalloc-2fa44d1c",
                        "attributes": {
                            "association_id": "eipassoc-4ee8d07c",
                            "domain": "vpc",
                            "id": "eipalloc-2fa44d1c",
                            "instance": "",
                            "network_interface": "eni-f6dc875f",
                            "private_ip": "10.125.107.168",
                            "public_ip": "34.231.74.65",
                            "vpc": "true"
                        },
                        "meta": {},
                        "tainted": false
                    },
                    "deposed": [],
                    "provider": ""
                },
                "aws_eip.natgw.4": {
                    "type": "aws_eip",
                    "depends_on": [],
                    "primary": {
                        "id": "eipalloc-11b95022",
                        "attributes": {
                            "association_id": "eipassoc-d5f3cbe7",
                            "domain": "vpc",
                            "id": "eipalloc-11b95022",
                            "instance": "",
                            "network_interface": "eni-29de3c29",
                            "private_ip": "10.125.108.106",
                            "public_ip": "34.230.130.111",
                            "vpc": "true"
                        },
                        "meta": {},
                        "tainted": false
                    },
                    "deposed": [],
                    "provider": ""
                },
                "aws_internet_gateway.igw": {
                    "type": "aws_internet_gateway",
                    "depends_on": [
                        "aws_vpc.main"
                    ],
                    "primary": {
                        "id": "igw-0cc68f6a",
                        "attributes": {
                            "id": "igw-0cc68f6a",
                            "tags.%": "5",
                            "tags.Name": "pipeline-jcx-igw",
                            "tags.account_name": "jive-microservices-pipeline",
                            "tags.pipeline_phase": "pipeline-jcx",
                            "tags.region": "us-east-1",
                            "tags.sla": "non-prod",
                            "vpc_id": "vpc-0344df7a"
                        },
                        "meta": {},
                        "tainted": false
                    },
                    "deposed": [],
                    "provider": ""
                },
                "aws_nat_gateway.natgw.0": {
                    "type": "aws_nat_gateway",
                    "depends_on": [
                        "aws_eip.natgw.*",
                        "aws_internet_gateway.igw",
                        "aws_subnet.public.*"
                    ],
                    "primary": {
                        "id": "nat-080419492af2d5042",
                        "attributes": {
                            "allocation_id": "eipalloc-b5b95086",
                            "id": "nat-080419492af2d5042",
                            "network_interface_id": "eni-2b43ed3c",
                            "private_ip": "10.125.106.33",
                            "public_ip": "34.226.164.60",
                            "subnet_id": "subnet-c922c3ad"
                        },
                        "meta": {},
                        "tainted": false
                    },
                    "deposed": [],
                    "provider": ""
                },
                "aws_nat_gateway.natgw.1": {
                    "type": "aws_nat_gateway",
                    "depends_on": [
                        "aws_eip.natgw.*",
                        "aws_internet_gateway.igw",
                        "aws_subnet.public.*"
                    ],
                    "primary": {
                        "id": "nat-03da3a0abc27e951f",
                        "attributes": {
                            "allocation_id": "eipalloc-bfa74e8c",
                            "id": "nat-03da3a0abc27e951f",
                            "network_interface_id": "eni-6fcdafc0",
                            "private_ip": "10.125.106.216",
                            "public_ip": "34.230.152.206",
                            "subnet_id": "subnet-dea734f2"
                        },
                        "meta": {},
                        "tainted": false
                    },
                    "deposed": [],
                    "provider": ""
                },
                "aws_nat_gateway.natgw.2": {
                    "type": "aws_nat_gateway",
                    "depends_on": [
                        "aws_eip.natgw.*",
                        "aws_internet_gateway.igw",
                        "aws_subnet.public.*"
                    ],
                    "primary": {
                        "id": "nat-0aba94760d53a41ac",
                        "attributes": {
                            "allocation_id": "eipalloc-caa74ef9",
                            "id": "nat-0aba94760d53a41ac",
                            "network_interface_id": "eni-537a6a80",
                            "private_ip": "10.125.107.107",
                            "public_ip": "34.226.10.25",
                            "subnet_id": "subnet-35307a7d"
                        },
                        "meta": {},
                        "tainted": false
                    },
                    "deposed": [],
                    "provider": ""
                },
                "aws_nat_gateway.natgw.3": {
                    "type": "aws_nat_gateway",
                    "depends_on": [
                        "aws_eip.natgw.*",
                        "aws_internet_gateway.igw",
                        "aws_subnet.public.*"
                    ],
                    "primary": {
                        "id": "nat-0faf9a93e85c926d6",
                        "attributes": {
                            "allocation_id": "eipalloc-2fa44d1c",
                            "id": "nat-0faf9a93e85c926d6",
                            "network_interface_id": "eni-f6dc875f",
                            "private_ip": "10.125.107.168",
                            "public_ip": "34.231.74.65",
                            "subnet_id": "subnet-a554dfff"
                        },
                        "meta": {},
                        "tainted": false
                    },
                    "deposed": [],
                    "provider": ""
                },
                "aws_nat_gateway.natgw.4": {
                    "type": "aws_nat_gateway",
                    "depends_on": [
                        "aws_eip.natgw.*",
                        "aws_internet_gateway.igw",
                        "aws_subnet.public.*"
                    ],
                    "primary": {
                        "id": "nat-050b352dd10c9ab58",
                        "attributes": {
                            "allocation_id": "eipalloc-11b95022",
                            "id": "nat-050b352dd10c9ab58",
                            "network_interface_id": "eni-29de3c29",
                            "private_ip": "10.125.108.106",
                            "public_ip": "34.230.130.111",
                            "subnet_id": "subnet-991516a5"
                        },
                        "meta": {},
                        "tainted": false
                    },
                    "deposed": [],
                    "provider": ""
                },
                "aws_route.bastion_natdc.0": {
                    "type": "aws_route",
                    "depends_on": [
                        "aws_route_table.natdc.*",
                        "aws_vpc_peering_connection.infra"
                    ],
                    "primary": {
                        "id": "r-rtb-485e76304030181944",
                        "attributes": {
                            "destination_cidr_block": "10.127.43.7/32",
                            "destination_prefix_list_id": "",
                            "egress_only_gateway_id": "",
                            "gateway_id": "",
                            "id": "r-rtb-485e76304030181944",
                            "instance_id": "",
                            "instance_owner_id": "",
                            "nat_gateway_id": "",
                            "network_interface_id": "",
                            "origin": "CreateRoute",
                            "route_table_id": "rtb-485e7630",
                            "state": "active",
                            "vpc_peering_connection_id": "pcx-26f7874f"
                        },
                        "meta": {},
                        "tainted": false
                    },
                    "deposed": [],
                    "provider": ""
                },
                "aws_route.bastion_natdc.1": {
                    "type": "aws_route",
                    "depends_on": [
                        "aws_route_table.natdc.*",
                        "aws_vpc_peering_connection.infra"
                    ],
                    "primary": {
                        "id": "r-rtb-dc5971a44030181944",
                        "attributes": {
                            "destination_cidr_block": "10.127.43.7/32",
                            "destination_prefix_list_id": "",
                            "egress_only_gateway_id": "",
                            "gateway_id": "",
                            "id": "r-rtb-dc5971a44030181944",
                            "instance_id": "",
                            "instance_owner_id": "",
                            "nat_gateway_id": "",
                            "network_interface_id": "",
                            "origin": "CreateRoute",
                            "route_table_id": "rtb-dc5971a4",
                            "state": "active",
                            "vpc_peering_connection_id": "pcx-26f7874f"
                        },
                        "meta": {},
                        "tainted": false
                    },
                    "deposed": [],
                    "provider": ""
                },
                "aws_route.bastion_natdc.2": {
                    "type": "aws_route",
                    "depends_on": [
                        "aws_route_table.natdc.*",
                        "aws_vpc_peering_connection.infra"
                    ],
                    "primary": {
                        "id": "r-rtb-755d750d4030181944",
                        "attributes": {
                            "destination_cidr_block": "10.127.43.7/32",
                            "destination_prefix_list_id": "",
                            "egress_only_gateway_id": "",
                            "gateway_id": "",
                            "id": "r-rtb-755d750d4030181944",
                            "instance_id": "",
                            "instance_owner_id": "",
                            "nat_gateway_id": "",
                            "network_interface_id": "",
                            "origin": "CreateRoute",
                            "route_table_id": "rtb-755d750d",
                            "state": "active",
                            "vpc_peering_connection_id": "pcx-26f7874f"
                        },
                        "meta": {},
                        "tainted": false
                    },
                    "deposed": [],
                    "provider": ""
                },
                "aws_route.bastion_natdc.3": {
                    "type": "aws_route",
                    "depends_on": [
                        "aws_route_table.natdc.*",
                        "aws_vpc_peering_connection.infra"
                    ],
                    "primary": {
                        "id": "r-rtb-cf426ab74030181944",
                        "attributes": {
                            "destination_cidr_block": "10.127.43.7/32",
                            "destination_prefix_list_id": "",
                            "egress_only_gateway_id": "",
                            "gateway_id": "",
                            "id": "r-rtb-cf426ab74030181944",
                            "instance_id": "",
                            "instance_owner_id": "",
                            "nat_gateway_id": "",
                            "network_interface_id": "",
                            "origin": "CreateRoute",
                            "route_table_id": "rtb-cf426ab7",
                            "state": "active",
                            "vpc_peering_connection_id": "pcx-26f7874f"
                        },
                        "meta": {},
                        "tainted": false
                    },
                    "deposed": [],
                    "provider": ""
                },
                "aws_route.bastion_natdc.4": {
                    "type": "aws_route",
                    "depends_on": [
                        "aws_route_table.natdc.*",
                        "aws_vpc_peering_connection.infra"
                    ],
                    "primary": {
                        "id": "r-rtb-9e466ee64030181944",
                        "attributes": {
                            "destination_cidr_block": "10.127.43.7/32",
                            "destination_prefix_list_id": "",
                            "egress_only_gateway_id": "",
                            "gateway_id": "",
                            "id": "r-rtb-9e466ee64030181944",
                            "instance_id": "",
                            "instance_owner_id": "",
                            "nat_gateway_id": "",
                            "network_interface_id": "",
                            "origin": "CreateRoute",
                            "route_table_id": "rtb-9e466ee6",
                            "state": "active",
                            "vpc_peering_connection_id": "pcx-26f7874f"
                        },
                        "meta": {},
                        "tainted": false
                    },
                    "deposed": [],
                    "provider": ""
                },
                "aws_route.bastion_private": {
                    "type": "aws_route",
                    "depends_on": [
                        "aws_route_table.private",
                        "aws_vpc_peering_connection.infra"
                    ],
                    "primary": {
                        "id": "r-rtb-b85870c04030181944",
                        "attributes": {
                            "destination_cidr_block": "10.127.43.7/32",
                            "destination_prefix_list_id": "",
                            "egress_only_gateway_id": "",
                            "gateway_id": "",
                            "id": "r-rtb-b85870c04030181944",
                            "instance_id": "",
                            "instance_owner_id": "",
                            "nat_gateway_id": "",
                            "network_interface_id": "",
                            "origin": "CreateRoute",
                            "route_table_id": "rtb-b85870c0",
                            "state": "active",
                            "vpc_peering_connection_id": "pcx-26f7874f"
                        },
                        "meta": {},
                        "tainted": false
                    },
                    "deposed": [],
                    "provider": ""
                },
                "aws_route.bastion_public": {
                    "type": "aws_route",
                    "depends_on": [
                        "aws_route_table.public",
                        "aws_vpc_peering_connection.infra"
                    ],
                    "primary": {
                        "id": "r-rtb-f7446c8f4030181944",
                        "attributes": {
                            "destination_cidr_block": "10.127.43.7/32",
                            "destination_prefix_list_id": "",
                            "egress_only_gateway_id": "",
                            "gateway_id": "",
                            "id": "r-rtb-f7446c8f4030181944",
                            "instance_id": "",
                            "instance_owner_id": "",
                            "nat_gateway_id": "",
                            "network_interface_id": "",
                            "origin": "CreateRoute",
                            "route_table_id": "rtb-f7446c8f",
                            "state": "active",
                            "vpc_peering_connection_id": "pcx-26f7874f"
                        },
                        "meta": {},
                        "tainted": false
                    },
                    "deposed": [],
                    "provider": ""
                },
                "aws_route.data_jcx_integ_vpc_natdc.0": {
                    "type": "aws_route",
                    "depends_on": [
                        "aws_route_table.natdc.*",
                        "aws_vpc_peering_connection.data_jcx_integ"
                    ],
                    "primary": {
                        "id": "r-rtb-485e7630736253144",
                        "attributes": {
                            "destination_cidr_block": "10.123.16.0/22",
                            "destination_prefix_list_id": "",
                            "egress_only_gateway_id": "",
                            "gateway_id": "",
                            "id": "r-rtb-485e7630736253144",
                            "instance_id": "",
                            "instance_owner_id": "",
                            "nat_gateway_id": "",
                            "network_interface_id": "",
                            "origin": "CreateRoute",
                            "route_table_id": "rtb-485e7630",
                            "state": "active",
                            "vpc_peering_connection_id": "pcx-7dd7a414"
                        },
                        "meta": {},
                        "tainted": false
                    },
                    "deposed": [],
                    "provider": ""
                },
                "aws_route.data_jcx_integ_vpc_natdc.1": {
                    "type": "aws_route",
                    "depends_on": [
                        "aws_route_table.natdc.*",
                        "aws_vpc_peering_connection.data_jcx_integ"
                    ],
                    "primary": {
                        "id": "r-rtb-dc5971a4736253144",
                        "attributes": {
                            "destination_cidr_block": "10.123.16.0/22",
                            "destination_prefix_list_id": "",
                            "egress_only_gateway_id": "",
                            "gateway_id": "",
                            "id": "r-rtb-dc5971a4736253144",
                            "instance_id": "",
                            "instance_owner_id": "",
                            "nat_gateway_id": "",
                            "network_interface_id": "",
                            "origin": "CreateRoute",
                            "route_table_id": "rtb-dc5971a4",
                            "state": "active",
                            "vpc_peering_connection_id": "pcx-7dd7a414"
                        },
                        "meta": {},
                        "tainted": false
                    },
                    "deposed": [],
                    "provider": ""
                },
                "aws_route.data_jcx_integ_vpc_natdc.2": {
                    "type": "aws_route",
                    "depends_on": [
                        "aws_route_table.natdc.*",
                        "aws_vpc_peering_connection.data_jcx_integ"
                    ],
                    "primary": {
                        "id": "r-rtb-755d750d736253144",
                        "attributes": {
                            "destination_cidr_block": "10.123.16.0/22",
                            "destination_prefix_list_id": "",
                            "egress_only_gateway_id": "",
                            "gateway_id": "",
                            "id": "r-rtb-755d750d736253144",
                            "instance_id": "",
                            "instance_owner_id": "",
                            "nat_gateway_id": "",
                            "network_interface_id": "",
                            "origin": "CreateRoute",
                            "route_table_id": "rtb-755d750d",
                            "state": "active",
                            "vpc_peering_connection_id": "pcx-7dd7a414"
                        },
                        "meta": {},
                        "tainted": false
                    },
                    "deposed": [],
                    "provider": ""
                },
                "aws_route.data_jcx_integ_vpc_natdc.3": {
                    "type": "aws_route",
                    "depends_on": [
                        "aws_route_table.natdc.*",
                        "aws_vpc_peering_connection.data_jcx_integ"
                    ],
                    "primary": {
                        "id": "r-rtb-cf426ab7736253144",
                        "attributes": {
                            "destination_cidr_block": "10.123.16.0/22",
                            "destination_prefix_list_id": "",
                            "egress_only_gateway_id": "",
                            "gateway_id": "",
                            "id": "r-rtb-cf426ab7736253144",
                            "instance_id": "",
                            "instance_owner_id": "",
                            "nat_gateway_id": "",
                            "network_interface_id": "",
                            "origin": "CreateRoute",
                            "route_table_id": "rtb-cf426ab7",
                            "state": "active",
                            "vpc_peering_connection_id": "pcx-7dd7a414"
                        },
                        "meta": {},
                        "tainted": false
                    },
                    "deposed": [],
                    "provider": ""
                },
                "aws_route.data_jcx_integ_vpc_natdc.4": {
                    "type": "aws_route",
                    "depends_on": [
                        "aws_route_table.natdc.*",
                        "aws_vpc_peering_connection.data_jcx_integ"
                    ],
                    "primary": {
                        "id": "r-rtb-9e466ee6736253144",
                        "attributes": {
                            "destination_cidr_block": "10.123.16.0/22",
                            "destination_prefix_list_id": "",
                            "egress_only_gateway_id": "",
                            "gateway_id": "",
                            "id": "r-rtb-9e466ee6736253144",
                            "instance_id": "",
                            "instance_owner_id": "",
                            "nat_gateway_id": "",
                            "network_interface_id": "",
                            "origin": "CreateRoute",
                            "route_table_id": "rtb-9e466ee6",
                            "state": "active",
                            "vpc_peering_connection_id": "pcx-7dd7a414"
                        },
                        "meta": {},
                        "tainted": false
                    },
                    "deposed": [],
                    "provider": ""
                },
                "aws_route.data_jcx_integ_vpc_private": {
                    "type": "aws_route",
                    "depends_on": [
                        "aws_route_table.private",
                        "aws_vpc_peering_connection.data_jcx_integ"
                    ],
                    "primary": {
                        "id": "r-rtb-b85870c0736253144",
                        "attributes": {
                            "destination_cidr_block": "10.123.16.0/22",
                            "destination_prefix_list_id": "",
                            "egress_only_gateway_id": "",
                            "gateway_id": "",
                            "id": "r-rtb-b85870c0736253144",
                            "instance_id": "",
                            "instance_owner_id": "",
                            "nat_gateway_id": "",
                            "network_interface_id": "",
                            "origin": "CreateRoute",
                            "route_table_id": "rtb-b85870c0",
                            "state": "active",
                            "vpc_peering_connection_id": "pcx-7dd7a414"
                        },
                        "meta": {},
                        "tainted": false
                    },
                    "deposed": [],
                    "provider": ""
                },
                "aws_route.data_jcx_integ_vpc_public": {
                    "type": "aws_route",
                    "depends_on": [
                        "aws_route_table.public",
                        "aws_vpc_peering_connection.data_jcx_integ"
                    ],
                    "primary": {
                        "id": "r-rtb-f7446c8f736253144",
                        "attributes": {
                            "destination_cidr_block": "10.123.16.0/22",
                            "destination_prefix_list_id": "",
                            "egress_only_gateway_id": "",
                            "gateway_id": "",
                            "id": "r-rtb-f7446c8f736253144",
                            "instance_id": "",
                            "instance_owner_id": "",
                            "nat_gateway_id": "",
                            "network_interface_id": "",
                            "origin": "CreateRoute",
                            "route_table_id": "rtb-f7446c8f",
                            "state": "active",
                            "vpc_peering_connection_id": "pcx-7dd7a414"
                        },
                        "meta": {},
                        "tainted": false
                    },
                    "deposed": [],
                    "provider": ""
                },
                "aws_route.data_jcx_release_vpc_natdc.0": {
                    "type": "aws_route",
                    "depends_on": [
                        "aws_route_table.natdc.*",
                        "aws_vpc_peering_connection.data_jcx_release"
                    ],
                    "primary": {
                        "id": "r-rtb-485e76301472393038",
                        "attributes": {
                            "destination_cidr_block": "10.123.24.0/22",
                            "destination_prefix_list_id": "",
                            "egress_only_gateway_id": "",
                            "gateway_id": "",
                            "id": "r-rtb-485e76301472393038",
                            "instance_id": "",
                            "instance_owner_id": "",
                            "nat_gateway_id": "",
                            "network_interface_id": "",
                            "origin": "CreateRoute",
                            "route_table_id": "rtb-485e7630",
                            "state": "active",
                            "vpc_peering_connection_id": "pcx-55d4a73c"
                        },
                        "meta": {},
                        "tainted": false
                    },
                    "deposed": [],
                    "provider": ""
                },
                "aws_route.data_jcx_release_vpc_natdc.1": {
                    "type": "aws_route",
                    "depends_on": [
                        "aws_route_table.natdc.*",
                        "aws_vpc_peering_connection.data_jcx_release"
                    ],
                    "primary": {
                        "id": "r-rtb-dc5971a41472393038",
                        "attributes": {
                            "destination_cidr_block": "10.123.24.0/22",
                            "destination_prefix_list_id": "",
                            "egress_only_gateway_id": "",
                            "gateway_id": "",
                            "id": "r-rtb-dc5971a41472393038",
                            "instance_id": "",
                            "instance_owner_id": "",
                            "nat_gateway_id": "",
                            "network_interface_id": "",
                            "origin": "CreateRoute",
                            "route_table_id": "rtb-dc5971a4",
                            "state": "active",
                            "vpc_peering_connection_id": "pcx-55d4a73c"
                        },
                        "meta": {},
                        "tainted": false
                    },
                    "deposed": [],
                    "provider": ""
                },
                "aws_route.data_jcx_release_vpc_natdc.2": {
                    "type": "aws_route",
                    "depends_on": [
                        "aws_route_table.natdc.*",
                        "aws_vpc_peering_connection.data_jcx_release"
                    ],
                    "primary": {
                        "id": "r-rtb-755d750d1472393038",
                        "attributes": {
                            "destination_cidr_block": "10.123.24.0/22",
                            "destination_prefix_list_id": "",
                            "egress_only_gateway_id": "",
                            "gateway_id": "",
                            "id": "r-rtb-755d750d1472393038",
                            "instance_id": "",
                            "instance_owner_id": "",
                            "nat_gateway_id": "",
                            "network_interface_id": "",
                            "origin": "CreateRoute",
                            "route_table_id": "rtb-755d750d",
                            "state": "active",
                            "vpc_peering_connection_id": "pcx-55d4a73c"
                        },
                        "meta": {},
                        "tainted": false
                    },
                    "deposed": [],
                    "provider": ""
                },
                "aws_route.data_jcx_release_vpc_natdc.3": {
                    "type": "aws_route",
                    "depends_on": [
                        "aws_route_table.natdc.*",
                        "aws_vpc_peering_connection.data_jcx_release"
                    ],
                    "primary": {
                        "id": "r-rtb-cf426ab71472393038",
                        "attributes": {
                            "destination_cidr_block": "10.123.24.0/22",
                            "destination_prefix_list_id": "",
                            "egress_only_gateway_id": "",
                            "gateway_id": "",
                            "id": "r-rtb-cf426ab71472393038",
                            "instance_id": "",
                            "instance_owner_id": "",
                            "nat_gateway_id": "",
                            "network_interface_id": "",
                            "origin": "CreateRoute",
                            "route_table_id": "rtb-cf426ab7",
                            "state": "active",
                            "vpc_peering_connection_id": "pcx-55d4a73c"
                        },
                        "meta": {},
                        "tainted": false
                    },
                    "deposed": [],
                    "provider": ""
                },
                "aws_route.data_jcx_release_vpc_natdc.4": {
                    "type": "aws_route",
                    "depends_on": [
                        "aws_route_table.natdc.*",
                        "aws_vpc_peering_connection.data_jcx_release"
                    ],
                    "primary": {
                        "id": "r-rtb-9e466ee61472393038",
                        "attributes": {
                            "destination_cidr_block": "10.123.24.0/22",
                            "destination_prefix_list_id": "",
                            "egress_only_gateway_id": "",
                            "gateway_id": "",
                            "id": "r-rtb-9e466ee61472393038",
                            "instance_id": "",
                            "instance_owner_id": "",
                            "nat_gateway_id": "",
                            "network_interface_id": "",
                            "origin": "CreateRoute",
                            "route_table_id": "rtb-9e466ee6",
                            "state": "active",
                            "vpc_peering_connection_id": "pcx-55d4a73c"
                        },
                        "meta": {},
                        "tainted": false
                    },
                    "deposed": [],
                    "provider": ""
                },
                "aws_route.data_jcx_release_vpc_private": {
                    "type": "aws_route",
                    "depends_on": [
                        "aws_route_table.private",
                        "aws_vpc_peering_connection.data_jcx_release"
                    ],
                    "primary": {
                        "id": "r-rtb-b85870c01472393038",
                        "attributes": {
                            "destination_cidr_block": "10.123.24.0/22",
                            "destination_prefix_list_id": "",
                            "egress_only_gateway_id": "",
                            "gateway_id": "",
                            "id": "r-rtb-b85870c01472393038",
                            "instance_id": "",
                            "instance_owner_id": "",
                            "nat_gateway_id": "",
                            "network_interface_id": "",
                            "origin": "CreateRoute",
                            "route_table_id": "rtb-b85870c0",
                            "state": "active",
                            "vpc_peering_connection_id": "pcx-55d4a73c"
                        },
                        "meta": {},
                        "tainted": false
                    },
                    "deposed": [],
                    "provider": ""
                },
                "aws_route.data_jcx_release_vpc_public": {
                    "type": "aws_route",
                    "depends_on": [
                        "aws_route_table.public",
                        "aws_vpc_peering_connection.data_jcx_release"
                    ],
                    "primary": {
                        "id": "r-rtb-f7446c8f1472393038",
                        "attributes": {
                            "destination_cidr_block": "10.123.24.0/22",
                            "destination_prefix_list_id": "",
                            "egress_only_gateway_id": "",
                            "gateway_id": "",
                            "id": "r-rtb-f7446c8f1472393038",
                            "instance_id": "",
                            "instance_owner_id": "",
                            "nat_gateway_id": "",
                            "network_interface_id": "",
                            "origin": "CreateRoute",
                            "route_table_id": "rtb-f7446c8f",
                            "state": "active",
                            "vpc_peering_connection_id": "pcx-55d4a73c"
                        },
                        "meta": {},
                        "tainted": false
                    },
                    "deposed": [],
                    "provider": ""
                },
                "aws_route.data_jcx_test_vpc_natdc.0": {
                    "type": "aws_route",
                    "depends_on": [
                        "aws_route_table.natdc.*",
                        "aws_vpc_peering_connection.data_jcx_test"
                    ],
                    "primary": {
                        "id": "r-rtb-485e76303428035928",
                        "attributes": {
                            "destination_cidr_block": "10.123.20.0/22",
                            "destination_prefix_list_id": "",
                            "egress_only_gateway_id": "",
                            "gateway_id": "",
                            "id": "r-rtb-485e76303428035928",
                            "instance_id": "",
                            "instance_owner_id": "",
                            "nat_gateway_id": "",
                            "network_interface_id": "",
                            "origin": "CreateRoute",
                            "route_table_id": "rtb-485e7630",
                            "state": "active",
                            "vpc_peering_connection_id": "pcx-7ce89b15"
                        },
                        "meta": {},
                        "tainted": false
                    },
                    "deposed": [],
                    "provider": ""
                },
                "aws_route.data_jcx_test_vpc_natdc.1": {
                    "type": "aws_route",
                    "depends_on": [
                        "aws_route_table.natdc.*",
                        "aws_vpc_peering_connection.data_jcx_test"
                    ],
                    "primary": {
                        "id": "r-rtb-dc5971a43428035928",
                        "attributes": {
                            "destination_cidr_block": "10.123.20.0/22",
                            "destination_prefix_list_id": "",
                            "egress_only_gateway_id": "",
                            "gateway_id": "",
                            "id": "r-rtb-dc5971a43428035928",
                            "instance_id": "",
                            "instance_owner_id": "",
                            "nat_gateway_id": "",
                            "network_interface_id": "",
                            "origin": "CreateRoute",
                            "route_table_id": "rtb-dc5971a4",
                            "state": "active",
                            "vpc_peering_connection_id": "pcx-7ce89b15"
                        },
                        "meta": {},
                        "tainted": false
                    },
                    "deposed": [],
                    "provider": ""
                },
                "aws_route.data_jcx_test_vpc_natdc.2": {
                    "type": "aws_route",
                    "depends_on": [
                        "aws_route_table.natdc.*",
                        "aws_vpc_peering_connection.data_jcx_test"
                    ],
                    "primary": {
                        "id": "r-rtb-755d750d3428035928",
                        "attributes": {
                            "destination_cidr_block": "10.123.20.0/22",
                            "destination_prefix_list_id": "",
                            "egress_only_gateway_id": "",
                            "gateway_id": "",
                            "id": "r-rtb-755d750d3428035928",
                            "instance_id": "",
                            "instance_owner_id": "",
                            "nat_gateway_id": "",
                            "network_interface_id": "",
                            "origin": "CreateRoute",
                            "route_table_id": "rtb-755d750d",
                            "state": "active",
                            "vpc_peering_connection_id": "pcx-7ce89b15"
                        },
                        "meta": {},
                        "tainted": false
                    },
                    "deposed": [],
                    "provider": ""
                },
                "aws_route.data_jcx_test_vpc_natdc.3": {
                    "type": "aws_route",
                    "depends_on": [
                        "aws_route_table.natdc.*",
                        "aws_vpc_peering_connection.data_jcx_test"
                    ],
                    "primary": {
                        "id": "r-rtb-cf426ab73428035928",
                        "attributes": {
                            "destination_cidr_block": "10.123.20.0/22",
                            "destination_prefix_list_id": "",
                            "egress_only_gateway_id": "",
                            "gateway_id": "",
                            "id": "r-rtb-cf426ab73428035928",
                            "instance_id": "",
                            "instance_owner_id": "",
                            "nat_gateway_id": "",
                            "network_interface_id": "",
                            "origin": "CreateRoute",
                            "route_table_id": "rtb-cf426ab7",
                            "state": "active",
                            "vpc_peering_connection_id": "pcx-7ce89b15"
                        },
                        "meta": {},
                        "tainted": false
                    },
                    "deposed": [],
                    "provider": ""
                },
                "aws_route.data_jcx_test_vpc_natdc.4": {
                    "type": "aws_route",
                    "depends_on": [
                        "aws_route_table.natdc.*",
                        "aws_vpc_peering_connection.data_jcx_test"
                    ],
                    "primary": {
                        "id": "r-rtb-9e466ee63428035928",
                        "attributes": {
                            "destination_cidr_block": "10.123.20.0/22",
                            "destination_prefix_list_id": "",
                            "egress_only_gateway_id": "",
                            "gateway_id": "",
                            "id": "r-rtb-9e466ee63428035928",
                            "instance_id": "",
                            "instance_owner_id": "",
                            "nat_gateway_id": "",
                            "network_interface_id": "",
                            "origin": "CreateRoute",
                            "route_table_id": "rtb-9e466ee6",
                            "state": "active",
                            "vpc_peering_connection_id": "pcx-7ce89b15"
                        },
                        "meta": {},
                        "tainted": false
                    },
                    "deposed": [],
                    "provider": ""
                },
                "aws_route.data_jcx_test_vpc_private": {
                    "type": "aws_route",
                    "depends_on": [
                        "aws_route_table.private",
                        "aws_vpc_peering_connection.data_jcx_test"
                    ],
                    "primary": {
                        "id": "r-rtb-b85870c03428035928",
                        "attributes": {
                            "destination_cidr_block": "10.123.20.0/22",
                            "destination_prefix_list_id": "",
                            "egress_only_gateway_id": "",
                            "gateway_id": "",
                            "id": "r-rtb-b85870c03428035928",
                            "instance_id": "",
                            "instance_owner_id": "",
                            "nat_gateway_id": "",
                            "network_interface_id": "",
                            "origin": "CreateRoute",
                            "route_table_id": "rtb-b85870c0",
                            "state": "active",
                            "vpc_peering_connection_id": "pcx-7ce89b15"
                        },
                        "meta": {},
                        "tainted": false
                    },
                    "deposed": [],
                    "provider": ""
                },
                "aws_route.data_jcx_test_vpc_public": {
                    "type": "aws_route",
                    "depends_on": [
                        "aws_route_table.public",
                        "aws_vpc_peering_connection.data_jcx_test"
                    ],
                    "primary": {
                        "id": "r-rtb-f7446c8f3428035928",
                        "attributes": {
                            "destination_cidr_block": "10.123.20.0/22",
                            "destination_prefix_list_id": "",
                            "egress_only_gateway_id": "",
                            "gateway_id": "",
                            "id": "r-rtb-f7446c8f3428035928",
                            "instance_id": "",
                            "instance_owner_id": "",
                            "nat_gateway_id": "",
                            "network_interface_id": "",
                            "origin": "CreateRoute",
                            "route_table_id": "rtb-f7446c8f",
                            "state": "active",
                            "vpc_peering_connection_id": "pcx-7ce89b15"
                        },
                        "meta": {},
                        "tainted": false
                    },
                    "deposed": [],
                    "provider": ""
                },
                "aws_route.infra_natdc.0": {
                    "type": "aws_route",
                    "depends_on": [
                        "aws_vpc_peering_connection.infra"
                    ],
                    "primary": {
                        "id": "r-rtb-11c5ec692233008665",
                        "attributes": {
                            "destination_cidr_block": "10.125.96.0/20",
                            "destination_prefix_list_id": "",
                            "egress_only_gateway_id": "",
                            "gateway_id": "",
                            "id": "r-rtb-11c5ec692233008665",
                            "instance_id": "",
                            "instance_owner_id": "",
                            "nat_gateway_id": "",
                            "network_interface_id": "",
                            "origin": "CreateRoute",
                            "route_table_id": "rtb-11c5ec69",
                            "state": "active",
                            "vpc_peering_connection_id": "pcx-26f7874f"
                        },
                        "meta": {},
                        "tainted": false
                    },
                    "deposed": [],
                    "provider": ""
                },
                "aws_route.infra_natdc.1": {
                    "type": "aws_route",
                    "depends_on": [
                        "aws_vpc_peering_connection.infra"
                    ],
                    "primary": {
                        "id": "r-rtb-13d9f06b2233008665",
                        "attributes": {
                            "destination_cidr_block": "10.125.96.0/20",
                            "destination_prefix_list_id": "",
                            "egress_only_gateway_id": "",
                            "gateway_id": "",
                            "id": "r-rtb-13d9f06b2233008665",
                            "instance_id": "",
                            "instance_owner_id": "",
                            "nat_gateway_id": "",
                            "network_interface_id": "",
                            "origin": "CreateRoute",
                            "route_table_id": "rtb-13d9f06b",
                            "state": "active",
                            "vpc_peering_connection_id": "pcx-26f7874f"
                        },
                        "meta": {},
                        "tainted": false
                    },
                    "deposed": [],
                    "provider": ""
                },
                "aws_route.infra_natdc.2": {
                    "type": "aws_route",
                    "depends_on": [
                        "aws_vpc_peering_connection.infra"
                    ],
                    "primary": {
                        "id": "r-rtb-37dcf54f2233008665",
                        "attributes": {
                            "destination_cidr_block": "10.125.96.0/20",
                            "destination_prefix_list_id": "",
                            "egress_only_gateway_id": "",
                            "gateway_id": "",
                            "id": "r-rtb-37dcf54f2233008665",
                            "instance_id": "",
                            "instance_owner_id": "",
                            "nat_gateway_id": "",
                            "network_interface_id": "",
                            "origin": "CreateRoute",
                            "route_table_id": "rtb-37dcf54f",
                            "state": "active",
                            "vpc_peering_connection_id": "pcx-26f7874f"
                        },
                        "meta": {},
                        "tainted": false
                    },
                    "deposed": [],
                    "provider": ""
                },
                "aws_route.infra_natdc.3": {
                    "type": "aws_route",
                    "depends_on": [
                        "aws_vpc_peering_connection.infra"
                    ],
                    "primary": {
                        "id": "r-rtb-12d9f06a2233008665",
                        "attributes": {
                            "destination_cidr_block": "10.125.96.0/20",
                            "destination_prefix_list_id": "",
                            "egress_only_gateway_id": "",
                            "gateway_id": "",
                            "id": "r-rtb-12d9f06a2233008665",
                            "instance_id": "",
                            "instance_owner_id": "",
                            "nat_gateway_id": "",
                            "network_interface_id": "",
                            "origin": "CreateRoute",
                            "route_table_id": "rtb-12d9f06a",
                            "state": "active",
                            "vpc_peering_connection_id": "pcx-26f7874f"
                        },
                        "meta": {},
                        "tainted": false
                    },
                    "deposed": [],
                    "provider": ""
                },
                "aws_route.infra_natdc.4": {
                    "type": "aws_route",
                    "depends_on": [
                        "aws_vpc_peering_connection.infra"
                    ],
                    "primary": {
                        "id": "r-rtb-58d8f1202233008665",
                        "attributes": {
                            "destination_cidr_block": "10.125.96.0/20",
                            "destination_prefix_list_id": "",
                            "egress_only_gateway_id": "",
                            "gateway_id": "",
                            "id": "r-rtb-58d8f1202233008665",
                            "instance_id": "",
                            "instance_owner_id": "",
                            "nat_gateway_id": "",
                            "network_interface_id": "",
                            "origin": "CreateRoute",
                            "route_table_id": "rtb-58d8f120",
                            "state": "active",
                            "vpc_peering_connection_id": "pcx-26f7874f"
                        },
                        "meta": {},
                        "tainted": false
                    },
                    "deposed": [],
                    "provider": ""
                },
                "aws_route.infra_private": {
                    "type": "aws_route",
                    "depends_on": [
                        "aws_vpc_peering_connection.infra"
                    ],
                    "primary": {
                        "id": "r-rtb-9cddf4e42233008665",
                        "attributes": {
                            "destination_cidr_block": "10.125.96.0/20",
                            "destination_prefix_list_id": "",
                            "egress_only_gateway_id": "",
                            "gateway_id": "",
                            "id": "r-rtb-9cddf4e42233008665",
                            "instance_id": "",
                            "instance_owner_id": "",
                            "nat_gateway_id": "",
                            "network_interface_id": "",
                            "origin": "CreateRoute",
                            "route_table_id": "rtb-9cddf4e4",
                            "state": "active",
                            "vpc_peering_connection_id": "pcx-26f7874f"
                        },
                        "meta": {},
                        "tainted": false
                    },
                    "deposed": [],
                    "provider": ""
                },
                "aws_route.infra_public": {
                    "type": "aws_route",
                    "depends_on": [
                        "aws_vpc_peering_connection.infra"
                    ],
                    "primary": {
                        "id": "r-rtb-a3d8f1db2233008665",
                        "attributes": {
                            "destination_cidr_block": "10.125.96.0/20",
                            "destination_prefix_list_id": "",
                            "egress_only_gateway_id": "",
                            "gateway_id": "",
                            "id": "r-rtb-a3d8f1db2233008665",
                            "instance_id": "",
                            "instance_owner_id": "",
                            "nat_gateway_id": "",
                            "network_interface_id": "",
                            "origin": "CreateRoute",
                            "route_table_id": "rtb-a3d8f1db",
                            "state": "active",
                            "vpc_peering_connection_id": "pcx-26f7874f"
                        },
                        "meta": {},
                        "tainted": false
                    },
                    "deposed": [],
                    "provider": ""
                },
                "aws_route.reco_integ_vpc_natdc.0": {
                    "type": "aws_route",
                    "depends_on": [
                        "aws_route_table.natdc.*",
                        "aws_vpc_peering_connection.reco_integ"
                    ],
                    "primary": {
                        "id": "r-rtb-485e76301635062167",
                        "attributes": {
                            "destination_cidr_block": "10.126.16.0/22",
                            "destination_prefix_list_id": "",
                            "egress_only_gateway_id": "",
                            "gateway_id": "",
                            "id": "r-rtb-485e76301635062167",
                            "instance_id": "",
                            "instance_owner_id": "",
                            "nat_gateway_id": "",
                            "network_interface_id": "",
                            "origin": "CreateRoute",
                            "route_table_id": "rtb-485e7630",
                            "state": "active",
                            "vpc_peering_connection_id": "pcx-9d780bf4"
                        },
                        "meta": {},
                        "tainted": false
                    },
                    "deposed": [],
                    "provider": ""
                },
                "aws_route.reco_integ_vpc_natdc.1": {
                    "type": "aws_route",
                    "depends_on": [
                        "aws_route_table.natdc.*",
                        "aws_vpc_peering_connection.reco_integ"
                    ],
                    "primary": {
                        "id": "r-rtb-dc5971a41635062167",
                        "attributes": {
                            "destination_cidr_block": "10.126.16.0/22",
                            "destination_prefix_list_id": "",
                            "egress_only_gateway_id": "",
                            "gateway_id": "",
                            "id": "r-rtb-dc5971a41635062167",
                            "instance_id": "",
                            "instance_owner_id": "",
                            "nat_gateway_id": "",
                            "network_interface_id": "",
                            "origin": "CreateRoute",
                            "route_table_id": "rtb-dc5971a4",
                            "state": "active",
                            "vpc_peering_connection_id": "pcx-9d780bf4"
                        },
                        "meta": {},
                        "tainted": false
                    },
                    "deposed": [],
                    "provider": ""
                },
                "aws_route.reco_integ_vpc_natdc.2": {
                    "type": "aws_route",
                    "depends_on": [
                        "aws_route_table.natdc.*",
                        "aws_vpc_peering_connection.reco_integ"
                    ],
                    "primary": {
                        "id": "r-rtb-755d750d1635062167",
                        "attributes": {
                            "destination_cidr_block": "10.126.16.0/22",
                            "destination_prefix_list_id": "",
                            "egress_only_gateway_id": "",
                            "gateway_id": "",
                            "id": "r-rtb-755d750d1635062167",
                            "instance_id": "",
                            "instance_owner_id": "",
                            "nat_gateway_id": "",
                            "network_interface_id": "",
                            "origin": "CreateRoute",
                            "route_table_id": "rtb-755d750d",
                            "state": "active",
                            "vpc_peering_connection_id": "pcx-9d780bf4"
                        },
                        "meta": {},
                        "tainted": false
                    },
                    "deposed": [],
                    "provider": ""
                },
                "aws_route.reco_integ_vpc_natdc.3": {
                    "type": "aws_route",
                    "depends_on": [
                        "aws_route_table.natdc.*",
                        "aws_vpc_peering_connection.reco_integ"
                    ],
                    "primary": {
                        "id": "r-rtb-cf426ab71635062167",
                        "attributes": {
                            "destination_cidr_block": "10.126.16.0/22",
                            "destination_prefix_list_id": "",
                            "egress_only_gateway_id": "",
                            "gateway_id": "",
                            "id": "r-rtb-cf426ab71635062167",
                            "instance_id": "",
                            "instance_owner_id": "",
                            "nat_gateway_id": "",
                            "network_interface_id": "",
                            "origin": "CreateRoute",
                            "route_table_id": "rtb-cf426ab7",
                            "state": "active",
                            "vpc_peering_connection_id": "pcx-9d780bf4"
                        },
                        "meta": {},
                        "tainted": false
                    },
                    "deposed": [],
                    "provider": ""
                },
                "aws_route.reco_integ_vpc_natdc.4": {
                    "type": "aws_route",
                    "depends_on": [
                        "aws_route_table.natdc.*",
                        "aws_vpc_peering_connection.reco_integ"
                    ],
                    "primary": {
                        "id": "r-rtb-9e466ee61635062167",
                        "attributes": {
                            "destination_cidr_block": "10.126.16.0/22",
                            "destination_prefix_list_id": "",
                            "egress_only_gateway_id": "",
                            "gateway_id": "",
                            "id": "r-rtb-9e466ee61635062167",
                            "instance_id": "",
                            "instance_owner_id": "",
                            "nat_gateway_id": "",
                            "network_interface_id": "",
                            "origin": "CreateRoute",
                            "route_table_id": "rtb-9e466ee6",
                            "state": "active",
                            "vpc_peering_connection_id": "pcx-9d780bf4"
                        },
                        "meta": {},
                        "tainted": false
                    },
                    "deposed": [],
                    "provider": ""
                },
                "aws_route.reco_integ_vpc_private": {
                    "type": "aws_route",
                    "depends_on": [
                        "aws_route_table.private",
                        "aws_vpc_peering_connection.reco_integ"
                    ],
                    "primary": {
                        "id": "r-rtb-b85870c01635062167",
                        "attributes": {
                            "destination_cidr_block": "10.126.16.0/22",
                            "destination_prefix_list_id": "",
                            "egress_only_gateway_id": "",
                            "gateway_id": "",
                            "id": "r-rtb-b85870c01635062167",
                            "instance_id": "",
                            "instance_owner_id": "",
                            "nat_gateway_id": "",
                            "network_interface_id": "",
                            "origin": "CreateRoute",
                            "route_table_id": "rtb-b85870c0",
                            "state": "active",
                            "vpc_peering_connection_id": "pcx-9d780bf4"
                        },
                        "meta": {},
                        "tainted": false
                    },
                    "deposed": [],
                    "provider": ""
                },
                "aws_route.reco_integ_vpc_public": {
                    "type": "aws_route",
                    "depends_on": [
                        "aws_route_table.public",
                        "aws_vpc_peering_connection.reco_integ"
                    ],
                    "primary": {
                        "id": "r-rtb-f7446c8f1635062167",
                        "attributes": {
                            "destination_cidr_block": "10.126.16.0/22",
                            "destination_prefix_list_id": "",
                            "egress_only_gateway_id": "",
                            "gateway_id": "",
                            "id": "r-rtb-f7446c8f1635062167",
                            "instance_id": "",
                            "instance_owner_id": "",
                            "nat_gateway_id": "",
                            "network_interface_id": "",
                            "origin": "CreateRoute",
                            "route_table_id": "rtb-f7446c8f",
                            "state": "active",
                            "vpc_peering_connection_id": "pcx-9d780bf4"
                        },
                        "meta": {},
                        "tainted": false
                    },
                    "deposed": [],
                    "provider": ""
                },
                "aws_route.reco_release_vpc_natdc.0": {
                    "type": "aws_route",
                    "depends_on": [
                        "aws_route_table.natdc.*",
                        "aws_vpc_peering_connection.reco_release"
                    ],
                    "primary": {
                        "id": "r-rtb-485e7630492153345",
                        "attributes": {
                            "destination_cidr_block": "10.126.24.0/22",
                            "destination_prefix_list_id": "",
                            "egress_only_gateway_id": "",
                            "gateway_id": "",
                            "id": "r-rtb-485e7630492153345",
                            "instance_id": "",
                            "instance_owner_id": "",
                            "nat_gateway_id": "",
                            "network_interface_id": "",
                            "origin": "CreateRoute",
                            "route_table_id": "rtb-485e7630",
                            "state": "active",
                            "vpc_peering_connection_id": "pcx-a37b08ca"
                        },
                        "meta": {},
                        "tainted": false
                    },
                    "deposed": [],
                    "provider": ""
                },
                "aws_route.reco_release_vpc_natdc.1": {
                    "type": "aws_route",
                    "depends_on": [
                        "aws_route_table.natdc.*",
                        "aws_vpc_peering_connection.reco_release"
                    ],
                    "primary": {
                        "id": "r-rtb-dc5971a4492153345",
                        "attributes": {
                            "destination_cidr_block": "10.126.24.0/22",
                            "destination_prefix_list_id": "",
                            "egress_only_gateway_id": "",
                            "gateway_id": "",
                            "id": "r-rtb-dc5971a4492153345",
                            "instance_id": "",
                            "instance_owner_id": "",
                            "nat_gateway_id": "",
                            "network_interface_id": "",
                            "origin": "CreateRoute",
                            "route_table_id": "rtb-dc5971a4",
                            "state": "active",
                            "vpc_peering_connection_id": "pcx-a37b08ca"
                        },
                        "meta": {},
                        "tainted": false
                    },
                    "deposed": [],
                    "provider": ""
                },
                "aws_route.reco_release_vpc_natdc.2": {
                    "type": "aws_route",
                    "depends_on": [
                        "aws_route_table.natdc.*",
                        "aws_vpc_peering_connection.reco_release"
                    ],
                    "primary": {
                        "id": "r-rtb-755d750d492153345",
                        "attributes": {
                            "destination_cidr_block": "10.126.24.0/22",
                            "destination_prefix_list_id": "",
                            "egress_only_gateway_id": "",
                            "gateway_id": "",
                            "id": "r-rtb-755d750d492153345",
                            "instance_id": "",
                            "instance_owner_id": "",
                            "nat_gateway_id": "",
                            "network_interface_id": "",
                            "origin": "CreateRoute",
                            "route_table_id": "rtb-755d750d",
                            "state": "active",
                            "vpc_peering_connection_id": "pcx-a37b08ca"
                        },
                        "meta": {},
                        "tainted": false
                    },
                    "deposed": [],
                    "provider": ""
                },
                "aws_route.reco_release_vpc_natdc.3": {
                    "type": "aws_route",
                    "depends_on": [
                        "aws_route_table.natdc.*",
                        "aws_vpc_peering_connection.reco_release"
                    ],
                    "primary": {
                        "id": "r-rtb-cf426ab7492153345",
                        "attributes": {
                            "destination_cidr_block": "10.126.24.0/22",
                            "destination_prefix_list_id": "",
                            "egress_only_gateway_id": "",
                            "gateway_id": "",
                            "id": "r-rtb-cf426ab7492153345",
                            "instance_id": "",
                            "instance_owner_id": "",
                            "nat_gateway_id": "",
                            "network_interface_id": "",
                            "origin": "CreateRoute",
                            "route_table_id": "rtb-cf426ab7",
                            "state": "active",
                            "vpc_peering_connection_id": "pcx-a37b08ca"
                        },
                        "meta": {},
                        "tainted": false
                    },
                    "deposed": [],
                    "provider": ""
                },
                "aws_route.reco_release_vpc_natdc.4": {
                    "type": "aws_route",
                    "depends_on": [
                        "aws_route_table.natdc.*",
                        "aws_vpc_peering_connection.reco_release"
                    ],
                    "primary": {
                        "id": "r-rtb-9e466ee6492153345",
                        "attributes": {
                            "destination_cidr_block": "10.126.24.0/22",
                            "destination_prefix_list_id": "",
                            "egress_only_gateway_id": "",
                            "gateway_id": "",
                            "id": "r-rtb-9e466ee6492153345",
                            "instance_id": "",
                            "instance_owner_id": "",
                            "nat_gateway_id": "",
                            "network_interface_id": "",
                            "origin": "CreateRoute",
                            "route_table_id": "rtb-9e466ee6",
                            "state": "active",
                            "vpc_peering_connection_id": "pcx-a37b08ca"
                        },
                        "meta": {},
                        "tainted": false
                    },
                    "deposed": [],
                    "provider": ""
                },
                "aws_route.reco_release_vpc_private": {
                    "type": "aws_route",
                    "depends_on": [
                        "aws_route_table.private",
                        "aws_vpc_peering_connection.reco_release"
                    ],
                    "primary": {
                        "id": "r-rtb-b85870c0492153345",
                        "attributes": {
                            "destination_cidr_block": "10.126.24.0/22",
                            "destination_prefix_list_id": "",
                            "egress_only_gateway_id": "",
                            "gateway_id": "",
                            "id": "r-rtb-b85870c0492153345",
                            "instance_id": "",
                            "instance_owner_id": "",
                            "nat_gateway_id": "",
                            "network_interface_id": "",
                            "origin": "CreateRoute",
                            "route_table_id": "rtb-b85870c0",
                            "state": "active",
                            "vpc_peering_connection_id": "pcx-a37b08ca"
                        },
                        "meta": {},
                        "tainted": false
                    },
                    "deposed": [],
                    "provider": ""
                },
                "aws_route.reco_release_vpc_public": {
                    "type": "aws_route",
                    "depends_on": [
                        "aws_route_table.public",
                        "aws_vpc_peering_connection.reco_release"
                    ],
                    "primary": {
                        "id": "r-rtb-f7446c8f492153345",
                        "attributes": {
                            "destination_cidr_block": "10.126.24.0/22",
                            "destination_prefix_list_id": "",
                            "egress_only_gateway_id": "",
                            "gateway_id": "",
                            "id": "r-rtb-f7446c8f492153345",
                            "instance_id": "",
                            "instance_owner_id": "",
                            "nat_gateway_id": "",
                            "network_interface_id": "",
                            "origin": "CreateRoute",
                            "route_table_id": "rtb-f7446c8f",
                            "state": "active",
                            "vpc_peering_connection_id": "pcx-a37b08ca"
                        },
                        "meta": {},
                        "tainted": false
                    },
                    "deposed": [],
                    "provider": ""
                },
                "aws_route.reco_test_vpc_natdc.0": {
                    "type": "aws_route",
                    "depends_on": [
                        "aws_route_table.natdc.*",
                        "aws_vpc_peering_connection.reco_test"
                    ],
                    "primary": {
                        "id": "r-rtb-485e76302261051415",
                        "attributes": {
                            "destination_cidr_block": "10.126.20.0/22",
                            "destination_prefix_list_id": "",
                            "egress_only_gateway_id": "",
                            "gateway_id": "",
                            "id": "r-rtb-485e76302261051415",
                            "instance_id": "",
                            "instance_owner_id": "",
                            "nat_gateway_id": "",
                            "network_interface_id": "",
                            "origin": "CreateRoute",
                            "route_table_id": "rtb-485e7630",
                            "state": "active",
                            "vpc_peering_connection_id": "pcx-5c621135"
                        },
                        "meta": {},
                        "tainted": false
                    },
                    "deposed": [],
                    "provider": ""
                },
                "aws_route.reco_test_vpc_natdc.1": {
                    "type": "aws_route",
                    "depends_on": [
                        "aws_route_table.natdc.*",
                        "aws_vpc_peering_connection.reco_test"
                    ],
                    "primary": {
                        "id": "r-rtb-dc5971a42261051415",
                        "attributes": {
                            "destination_cidr_block": "10.126.20.0/22",
                            "destination_prefix_list_id": "",
                            "egress_only_gateway_id": "",
                            "gateway_id": "",
                            "id": "r-rtb-dc5971a42261051415",
                            "instance_id": "",
                            "instance_owner_id": "",
                            "nat_gateway_id": "",
                            "network_interface_id": "",
                            "origin": "CreateRoute",
                            "route_table_id": "rtb-dc5971a4",
                            "state": "active",
                            "vpc_peering_connection_id": "pcx-5c621135"
                        },
                        "meta": {},
                        "tainted": false
                    },
                    "deposed": [],
                    "provider": ""
                },
                "aws_route.reco_test_vpc_natdc.2": {
                    "type": "aws_route",
                    "depends_on": [
                        "aws_route_table.natdc.*",
                        "aws_vpc_peering_connection.reco_test"
                    ],
                    "primary": {
                        "id": "r-rtb-755d750d2261051415",
                        "attributes": {
                            "destination_cidr_block": "10.126.20.0/22",
                            "destination_prefix_list_id": "",
                            "egress_only_gateway_id": "",
                            "gateway_id": "",
                            "id": "r-rtb-755d750d2261051415",
                            "instance_id": "",
                            "instance_owner_id": "",
                            "nat_gateway_id": "",
                            "network_interface_id": "",
                            "origin": "CreateRoute",
                            "route_table_id": "rtb-755d750d",
                            "state": "active",
                            "vpc_peering_connection_id": "pcx-5c621135"
                        },
                        "meta": {},
                        "tainted": false
                    },
                    "deposed": [],
                    "provider": ""
                },
                "aws_route.reco_test_vpc_natdc.3": {
                    "type": "aws_route",
                    "depends_on": [
                        "aws_route_table.natdc.*",
                        "aws_vpc_peering_connection.reco_test"
                    ],
                    "primary": {
                        "id": "r-rtb-cf426ab72261051415",
                        "attributes": {
                            "destination_cidr_block": "10.126.20.0/22",
                            "destination_prefix_list_id": "",
                            "egress_only_gateway_id": "",
                            "gateway_id": "",
                            "id": "r-rtb-cf426ab72261051415",
                            "instance_id": "",
                            "instance_owner_id": "",
                            "nat_gateway_id": "",
                            "network_interface_id": "",
                            "origin": "CreateRoute",
                            "route_table_id": "rtb-cf426ab7",
                            "state": "active",
                            "vpc_peering_connection_id": "pcx-5c621135"
                        },
                        "meta": {},
                        "tainted": false
                    },
                    "deposed": [],
                    "provider": ""
                },
                "aws_route.reco_test_vpc_natdc.4": {
                    "type": "aws_route",
                    "depends_on": [
                        "aws_route_table.natdc.*",
                        "aws_vpc_peering_connection.reco_test"
                    ],
                    "primary": {
                        "id": "r-rtb-9e466ee62261051415",
                        "attributes": {
                            "destination_cidr_block": "10.126.20.0/22",
                            "destination_prefix_list_id": "",
                            "egress_only_gateway_id": "",
                            "gateway_id": "",
                            "id": "r-rtb-9e466ee62261051415",
                            "instance_id": "",
                            "instance_owner_id": "",
                            "nat_gateway_id": "",
                            "network_interface_id": "",
                            "origin": "CreateRoute",
                            "route_table_id": "rtb-9e466ee6",
                            "state": "active",
                            "vpc_peering_connection_id": "pcx-5c621135"
                        },
                        "meta": {},
                        "tainted": false
                    },
                    "deposed": [],
                    "provider": ""
                },
                "aws_route.reco_test_vpc_private": {
                    "type": "aws_route",
                    "depends_on": [
                        "aws_route_table.private",
                        "aws_vpc_peering_connection.reco_test"
                    ],
                    "primary": {
                        "id": "r-rtb-b85870c02261051415",
                        "attributes": {
                            "destination_cidr_block": "10.126.20.0/22",
                            "destination_prefix_list_id": "",
                            "egress_only_gateway_id": "",
                            "gateway_id": "",
                            "id": "r-rtb-b85870c02261051415",
                            "instance_id": "",
                            "instance_owner_id": "",
                            "nat_gateway_id": "",
                            "network_interface_id": "",
                            "origin": "CreateRoute",
                            "route_table_id": "rtb-b85870c0",
                            "state": "active",
                            "vpc_peering_connection_id": "pcx-5c621135"
                        },
                        "meta": {},
                        "tainted": false
                    },
                    "deposed": [],
                    "provider": ""
                },
                "aws_route.reco_test_vpc_public": {
                    "type": "aws_route",
                    "depends_on": [
                        "aws_route_table.public",
                        "aws_vpc_peering_connection.reco_test"
                    ],
                    "primary": {
                        "id": "r-rtb-f7446c8f2261051415",
                        "attributes": {
                            "destination_cidr_block": "10.126.20.0/22",
                            "destination_prefix_list_id": "",
                            "egress_only_gateway_id": "",
                            "gateway_id": "",
                            "id": "r-rtb-f7446c8f2261051415",
                            "instance_id": "",
                            "instance_owner_id": "",
                            "nat_gateway_id": "",
                            "network_interface_id": "",
                            "origin": "CreateRoute",
                            "route_table_id": "rtb-f7446c8f",
                            "state": "active",
                            "vpc_peering_connection_id": "pcx-5c621135"
                        },
                        "meta": {},
                        "tainted": false
                    },
                    "deposed": [],
                    "provider": ""
                },
                "aws_route53_zone_association.route53": {
                    "type": "aws_route53_zone_association",
                    "depends_on": [
                        "aws_vpc.main"
                    ],
                    "primary": {
                        "id": "Z31KC7C52TU6MQ:vpc-0344df7a",
                        "attributes": {
                            "id": "Z31KC7C52TU6MQ:vpc-0344df7a",
                            "vpc_id": "vpc-0344df7a",
                            "vpc_region": "us-east-1",
                            "zone_id": "Z31KC7C52TU6MQ"
                        },
                        "meta": {},
                        "tainted": false
                    },
                    "deposed": [],
                    "provider": ""
                },
                "aws_route_table.natdc.0": {
                    "type": "aws_route_table",
                    "depends_on": [
                        "aws_nat_gateway.natgw.*",
                        "aws_vpc.main",
                        "aws_vpn_gateway.vgw"
                    ],
                    "primary": {
                        "id": "rtb-485e7630",
                        "attributes": {
                            "id": "rtb-485e7630",
                            "propagating_vgws.#": "1",
                            "propagating_vgws.2618049912": "vgw-a58e65cc",
                            "route.#": "8",
                            "route.124307379.cidr_block": "10.126.16.0/22",
                            "route.124307379.egress_only_gateway_id": "",
                            "route.124307379.gateway_id": "",
                            "route.124307379.instance_id": "",
                            "route.124307379.ipv6_cidr_block": "",
                            "route.124307379.nat_gateway_id": "",
                            "route.124307379.network_interface_id": "",
                            "route.124307379.vpc_peering_connection_id": "pcx-9d780bf4",
                            "route.1314213600.cidr_block": "0.0.0.0/0",
                            "route.1314213600.egress_only_gateway_id": "",
                            "route.1314213600.gateway_id": "",
                            "route.1314213600.instance_id": "",
                            "route.1314213600.ipv6_cidr_block": "",
                            "route.1314213600.nat_gateway_id": "nat-080419492af2d5042",
                            "route.1314213600.network_interface_id": "",
                            "route.1314213600.vpc_peering_connection_id": "",
                            "route.1896258543.cidr_block": "10.126.24.0/22",
                            "route.1896258543.egress_only_gateway_id": "",
                            "route.1896258543.gateway_id": "",
                            "route.1896258543.instance_id": "",
                            "route.1896258543.ipv6_cidr_block": "",
                            "route.1896258543.nat_gateway_id": "",
                            "route.1896258543.network_interface_id": "",
                            "route.1896258543.vpc_peering_connection_id": "pcx-a37b08ca",
                            "route.2218453665.cidr_block": "10.123.20.0/22",
                            "route.2218453665.egress_only_gateway_id": "",
                            "route.2218453665.gateway_id": "",
                            "route.2218453665.instance_id": "",
                            "route.2218453665.ipv6_cidr_block": "",
                            "route.2218453665.nat_gateway_id": "",
                            "route.2218453665.network_interface_id": "",
                            "route.2218453665.vpc_peering_connection_id": "pcx-7ce89b15",
                            "route.2737205977.cidr_block": "10.123.24.0/22",
                            "route.2737205977.egress_only_gateway_id": "",
                            "route.2737205977.gateway_id": "",
                            "route.2737205977.instance_id": "",
                            "route.2737205977.ipv6_cidr_block": "",
                            "route.2737205977.nat_gateway_id": "",
                            "route.2737205977.network_interface_id": "",
                            "route.2737205977.vpc_peering_connection_id": "pcx-55d4a73c",
                            "route.2770150837.cidr_block": "10.127.43.7/32",
                            "route.2770150837.egress_only_gateway_id": "",
                            "route.2770150837.gateway_id": "",
                            "route.2770150837.instance_id": "",
                            "route.2770150837.ipv6_cidr_block": "",
                            "route.2770150837.nat_gateway_id": "",
                            "route.2770150837.network_interface_id": "",
                            "route.2770150837.vpc_peering_connection_id": "pcx-26f7874f",
                            "route.3248318307.cidr_block": "10.126.20.0/22",
                            "route.3248318307.egress_only_gateway_id": "",
                            "route.3248318307.gateway_id": "",
                            "route.3248318307.instance_id": "",
                            "route.3248318307.ipv6_cidr_block": "",
                            "route.3248318307.nat_gateway_id": "",
                            "route.3248318307.network_interface_id": "",
                            "route.3248318307.vpc_peering_connection_id": "pcx-5c621135",
                            "route.360295559.cidr_block": "10.123.16.0/22",
                            "route.360295559.egress_only_gateway_id": "",
                            "route.360295559.gateway_id": "",
                            "route.360295559.instance_id": "",
                            "route.360295559.ipv6_cidr_block": "",
                            "route.360295559.nat_gateway_id": "",
                            "route.360295559.network_interface_id": "",
                            "route.360295559.vpc_peering_connection_id": "pcx-7dd7a414",
                            "tags.%": "5",
                            "tags.Name": "pipeline-jcx-natdc-routetable",
                            "tags.account_name": "jive-microservices-pipeline",
                            "tags.pipeline_phase": "pipeline-jcx",
                            "tags.region": "us-east-1",
                            "tags.sla": "non-prod",
                            "vpc_id": "vpc-0344df7a"
                        },
                        "meta": {},
                        "tainted": false
                    },
                    "deposed": [],
                    "provider": ""
                },
                "aws_route_table.natdc.1": {
                    "type": "aws_route_table",
                    "depends_on": [
                        "aws_nat_gateway.natgw.*",
                        "aws_vpc.main",
                        "aws_vpn_gateway.vgw"
                    ],
                    "primary": {
                        "id": "rtb-dc5971a4",
                        "attributes": {
                            "id": "rtb-dc5971a4",
                            "propagating_vgws.#": "1",
                            "propagating_vgws.2618049912": "vgw-a58e65cc",
                            "route.#": "8",
                            "route.124307379.cidr_block": "10.126.16.0/22",
                            "route.124307379.egress_only_gateway_id": "",
                            "route.124307379.gateway_id": "",
                            "route.124307379.instance_id": "",
                            "route.124307379.ipv6_cidr_block": "",
                            "route.124307379.nat_gateway_id": "",
                            "route.124307379.network_interface_id": "",
                            "route.124307379.vpc_peering_connection_id": "pcx-9d780bf4",
                            "route.1896258543.cidr_block": "10.126.24.0/22",
                            "route.1896258543.egress_only_gateway_id": "",
                            "route.1896258543.gateway_id": "",
                            "route.1896258543.instance_id": "",
                            "route.1896258543.ipv6_cidr_block": "",
                            "route.1896258543.nat_gateway_id": "",
                            "route.1896258543.network_interface_id": "",
                            "route.1896258543.vpc_peering_connection_id": "pcx-a37b08ca",
                            "route.2218453665.cidr_block": "10.123.20.0/22",
                            "route.2218453665.egress_only_gateway_id": "",
                            "route.2218453665.gateway_id": "",
                            "route.2218453665.instance_id": "",
                            "route.2218453665.ipv6_cidr_block": "",
                            "route.2218453665.nat_gateway_id": "",
                            "route.2218453665.network_interface_id": "",
                            "route.2218453665.vpc_peering_connection_id": "pcx-7ce89b15",
                            "route.2737205977.cidr_block": "10.123.24.0/22",
                            "route.2737205977.egress_only_gateway_id": "",
                            "route.2737205977.gateway_id": "",
                            "route.2737205977.instance_id": "",
                            "route.2737205977.ipv6_cidr_block": "",
                            "route.2737205977.nat_gateway_id": "",
                            "route.2737205977.network_interface_id": "",
                            "route.2737205977.vpc_peering_connection_id": "pcx-55d4a73c",
                            "route.2770150837.cidr_block": "10.127.43.7/32",
                            "route.2770150837.egress_only_gateway_id": "",
                            "route.2770150837.gateway_id": "",
                            "route.2770150837.instance_id": "",
                            "route.2770150837.ipv6_cidr_block": "",
                            "route.2770150837.nat_gateway_id": "",
                            "route.2770150837.network_interface_id": "",
                            "route.2770150837.vpc_peering_connection_id": "pcx-26f7874f",
                            "route.3248318307.cidr_block": "10.126.20.0/22",
                            "route.3248318307.egress_only_gateway_id": "",
                            "route.3248318307.gateway_id": "",
                            "route.3248318307.instance_id": "",
                            "route.3248318307.ipv6_cidr_block": "",
                            "route.3248318307.nat_gateway_id": "",
                            "route.3248318307.network_interface_id": "",
                            "route.3248318307.vpc_peering_connection_id": "pcx-5c621135",
                            "route.360295559.cidr_block": "10.123.16.0/22",
                            "route.360295559.egress_only_gateway_id": "",
                            "route.360295559.gateway_id": "",
                            "route.360295559.instance_id": "",
                            "route.360295559.ipv6_cidr_block": "",
                            "route.360295559.nat_gateway_id": "",
                            "route.360295559.network_interface_id": "",
                            "route.360295559.vpc_peering_connection_id": "pcx-7dd7a414",
                            "route.4142090.cidr_block": "0.0.0.0/0",
                            "route.4142090.egress_only_gateway_id": "",
                            "route.4142090.gateway_id": "",
                            "route.4142090.instance_id": "",
                            "route.4142090.ipv6_cidr_block": "",
                            "route.4142090.nat_gateway_id": "nat-03da3a0abc27e951f",
                            "route.4142090.network_interface_id": "",
                            "route.4142090.vpc_peering_connection_id": "",
                            "tags.%": "5",
                            "tags.Name": "pipeline-jcx-natdc-routetable",
                            "tags.account_name": "jive-microservices-pipeline",
                            "tags.pipeline_phase": "pipeline-jcx",
                            "tags.region": "us-east-1",
                            "tags.sla": "non-prod",
                            "vpc_id": "vpc-0344df7a"
                        },
                        "meta": {},
                        "tainted": false
                    },
                    "deposed": [],
                    "provider": ""
                },
                "aws_route_table.natdc.2": {
                    "type": "aws_route_table",
                    "depends_on": [
                        "aws_nat_gateway.natgw.*",
                        "aws_vpc.main",
                        "aws_vpn_gateway.vgw"
                    ],
                    "primary": {
                        "id": "rtb-755d750d",
                        "attributes": {
                            "id": "rtb-755d750d",
                            "propagating_vgws.#": "1",
                            "propagating_vgws.2618049912": "vgw-a58e65cc",
                            "route.#": "8",
                            "route.124307379.cidr_block": "10.126.16.0/22",
                            "route.124307379.egress_only_gateway_id": "",
                            "route.124307379.gateway_id": "",
                            "route.124307379.instance_id": "",
                            "route.124307379.ipv6_cidr_block": "",
                            "route.124307379.nat_gateway_id": "",
                            "route.124307379.network_interface_id": "",
                            "route.124307379.vpc_peering_connection_id": "pcx-9d780bf4",
                            "route.1269738384.cidr_block": "0.0.0.0/0",
                            "route.1269738384.egress_only_gateway_id": "",
                            "route.1269738384.gateway_id": "",
                            "route.1269738384.instance_id": "",
                            "route.1269738384.ipv6_cidr_block": "",
                            "route.1269738384.nat_gateway_id": "nat-0aba94760d53a41ac",
                            "route.1269738384.network_interface_id": "",
                            "route.1269738384.vpc_peering_connection_id": "",
                            "route.1896258543.cidr_block": "10.126.24.0/22",
                            "route.1896258543.egress_only_gateway_id": "",
                            "route.1896258543.gateway_id": "",
                            "route.1896258543.instance_id": "",
                            "route.1896258543.ipv6_cidr_block": "",
                            "route.1896258543.nat_gateway_id": "",
                            "route.1896258543.network_interface_id": "",
                            "route.1896258543.vpc_peering_connection_id": "pcx-a37b08ca",
                            "route.2218453665.cidr_block": "10.123.20.0/22",
                            "route.2218453665.egress_only_gateway_id": "",
                            "route.2218453665.gateway_id": "",
                            "route.2218453665.instance_id": "",
                            "route.2218453665.ipv6_cidr_block": "",
                            "route.2218453665.nat_gateway_id": "",
                            "route.2218453665.network_interface_id": "",
                            "route.2218453665.vpc_peering_connection_id": "pcx-7ce89b15",
                            "route.2737205977.cidr_block": "10.123.24.0/22",
                            "route.2737205977.egress_only_gateway_id": "",
                            "route.2737205977.gateway_id": "",
                            "route.2737205977.instance_id": "",
                            "route.2737205977.ipv6_cidr_block": "",
                            "route.2737205977.nat_gateway_id": "",
                            "route.2737205977.network_interface_id": "",
                            "route.2737205977.vpc_peering_connection_id": "pcx-55d4a73c",
                            "route.2770150837.cidr_block": "10.127.43.7/32",
                            "route.2770150837.egress_only_gateway_id": "",
                            "route.2770150837.gateway_id": "",
                            "route.2770150837.instance_id": "",
                            "route.2770150837.ipv6_cidr_block": "",
                            "route.2770150837.nat_gateway_id": "",
                            "route.2770150837.network_interface_id": "",
                            "route.2770150837.vpc_peering_connection_id": "pcx-26f7874f",
                            "route.3248318307.cidr_block": "10.126.20.0/22",
                            "route.3248318307.egress_only_gateway_id": "",
                            "route.3248318307.gateway_id": "",
                            "route.3248318307.instance_id": "",
                            "route.3248318307.ipv6_cidr_block": "",
                            "route.3248318307.nat_gateway_id": "",
                            "route.3248318307.network_interface_id": "",
                            "route.3248318307.vpc_peering_connection_id": "pcx-5c621135",
                            "route.360295559.cidr_block": "10.123.16.0/22",
                            "route.360295559.egress_only_gateway_id": "",
                            "route.360295559.gateway_id": "",
                            "route.360295559.instance_id": "",
                            "route.360295559.ipv6_cidr_block": "",
                            "route.360295559.nat_gateway_id": "",
                            "route.360295559.network_interface_id": "",
                            "route.360295559.vpc_peering_connection_id": "pcx-7dd7a414",
                            "tags.%": "5",
                            "tags.Name": "pipeline-jcx-natdc-routetable",
                            "tags.account_name": "jive-microservices-pipeline",
                            "tags.pipeline_phase": "pipeline-jcx",
                            "tags.region": "us-east-1",
                            "tags.sla": "non-prod",
                            "vpc_id": "vpc-0344df7a"
                        },
                        "meta": {},
                        "tainted": false
                    },
                    "deposed": [],
                    "provider": ""
                },
                "aws_route_table.natdc.3": {
                    "type": "aws_route_table",
                    "depends_on": [
                        "aws_nat_gateway.natgw.*",
                        "aws_vpc.main",
                        "aws_vpn_gateway.vgw"
                    ],
                    "primary": {
                        "id": "rtb-cf426ab7",
                        "attributes": {
                            "id": "rtb-cf426ab7",
                            "propagating_vgws.#": "1",
                            "propagating_vgws.2618049912": "vgw-a58e65cc",
                            "route.#": "8",
                            "route.124307379.cidr_block": "10.126.16.0/22",
                            "route.124307379.egress_only_gateway_id": "",
                            "route.124307379.gateway_id": "",
                            "route.124307379.instance_id": "",
                            "route.124307379.ipv6_cidr_block": "",
                            "route.124307379.nat_gateway_id": "",
                            "route.124307379.network_interface_id": "",
                            "route.124307379.vpc_peering_connection_id": "pcx-9d780bf4",
                            "route.1896258543.cidr_block": "10.126.24.0/22",
                            "route.1896258543.egress_only_gateway_id": "",
                            "route.1896258543.gateway_id": "",
                            "route.1896258543.instance_id": "",
                            "route.1896258543.ipv6_cidr_block": "",
                            "route.1896258543.nat_gateway_id": "",
                            "route.1896258543.network_interface_id": "",
                            "route.1896258543.vpc_peering_connection_id": "pcx-a37b08ca",
                            "route.2218453665.cidr_block": "10.123.20.0/22",
                            "route.2218453665.egress_only_gateway_id": "",
                            "route.2218453665.gateway_id": "",
                            "route.2218453665.instance_id": "",
                            "route.2218453665.ipv6_cidr_block": "",
                            "route.2218453665.nat_gateway_id": "",
                            "route.2218453665.network_interface_id": "",
                            "route.2218453665.vpc_peering_connection_id": "pcx-7ce89b15",
                            "route.2737205977.cidr_block": "10.123.24.0/22",
                            "route.2737205977.egress_only_gateway_id": "",
                            "route.2737205977.gateway_id": "",
                            "route.2737205977.instance_id": "",
                            "route.2737205977.ipv6_cidr_block": "",
                            "route.2737205977.nat_gateway_id": "",
                            "route.2737205977.network_interface_id": "",
                            "route.2737205977.vpc_peering_connection_id": "pcx-55d4a73c",
                            "route.2770150837.cidr_block": "10.127.43.7/32",
                            "route.2770150837.egress_only_gateway_id": "",
                            "route.2770150837.gateway_id": "",
                            "route.2770150837.instance_id": "",
                            "route.2770150837.ipv6_cidr_block": "",
                            "route.2770150837.nat_gateway_id": "",
                            "route.2770150837.network_interface_id": "",
                            "route.2770150837.vpc_peering_connection_id": "pcx-26f7874f",
                            "route.3248318307.cidr_block": "10.126.20.0/22",
                            "route.3248318307.egress_only_gateway_id": "",
                            "route.3248318307.gateway_id": "",
                            "route.3248318307.instance_id": "",
                            "route.3248318307.ipv6_cidr_block": "",
                            "route.3248318307.nat_gateway_id": "",
                            "route.3248318307.network_interface_id": "",
                            "route.3248318307.vpc_peering_connection_id": "pcx-5c621135",
                            "route.3357901632.cidr_block": "0.0.0.0/0",
                            "route.3357901632.egress_only_gateway_id": "",
                            "route.3357901632.gateway_id": "",
                            "route.3357901632.instance_id": "",
                            "route.3357901632.ipv6_cidr_block": "",
                            "route.3357901632.nat_gateway_id": "nat-0faf9a93e85c926d6",
                            "route.3357901632.network_interface_id": "",
                            "route.3357901632.vpc_peering_connection_id": "",
                            "route.360295559.cidr_block": "10.123.16.0/22",
                            "route.360295559.egress_only_gateway_id": "",
                            "route.360295559.gateway_id": "",
                            "route.360295559.instance_id": "",
                            "route.360295559.ipv6_cidr_block": "",
                            "route.360295559.nat_gateway_id": "",
                            "route.360295559.network_interface_id": "",
                            "route.360295559.vpc_peering_connection_id": "pcx-7dd7a414",
                            "tags.%": "5",
                            "tags.Name": "pipeline-jcx-natdc-routetable",
                            "tags.account_name": "jive-microservices-pipeline",
                            "tags.pipeline_phase": "pipeline-jcx",
                            "tags.region": "us-east-1",
                            "tags.sla": "non-prod",
                            "vpc_id": "vpc-0344df7a"
                        },
                        "meta": {},
                        "tainted": false
                    },
                    "deposed": [],
                    "provider": ""
                },
                "aws_route_table.natdc.4": {
                    "type": "aws_route_table",
                    "depends_on": [
                        "aws_nat_gateway.natgw.*",
                        "aws_vpc.main",
                        "aws_vpn_gateway.vgw"
                    ],
                    "primary": {
                        "id": "rtb-9e466ee6",
                        "attributes": {
                            "id": "rtb-9e466ee6",
                            "propagating_vgws.#": "1",
                            "propagating_vgws.2618049912": "vgw-a58e65cc",
                            "route.#": "8",
                            "route.124307379.cidr_block": "10.126.16.0/22",
                            "route.124307379.egress_only_gateway_id": "",
                            "route.124307379.gateway_id": "",
                            "route.124307379.instance_id": "",
                            "route.124307379.ipv6_cidr_block": "",
                            "route.124307379.nat_gateway_id": "",
                            "route.124307379.network_interface_id": "",
                            "route.124307379.vpc_peering_connection_id": "pcx-9d780bf4",
                            "route.1896258543.cidr_block": "10.126.24.0/22",
                            "route.1896258543.egress_only_gateway_id": "",
                            "route.1896258543.gateway_id": "",
                            "route.1896258543.instance_id": "",
                            "route.1896258543.ipv6_cidr_block": "",
                            "route.1896258543.nat_gateway_id": "",
                            "route.1896258543.network_interface_id": "",
                            "route.1896258543.vpc_peering_connection_id": "pcx-a37b08ca",
                            "route.2218453665.cidr_block": "10.123.20.0/22",
                            "route.2218453665.egress_only_gateway_id": "",
                            "route.2218453665.gateway_id": "",
                            "route.2218453665.instance_id": "",
                            "route.2218453665.ipv6_cidr_block": "",
                            "route.2218453665.nat_gateway_id": "",
                            "route.2218453665.network_interface_id": "",
                            "route.2218453665.vpc_peering_connection_id": "pcx-7ce89b15",
                            "route.2425736969.cidr_block": "0.0.0.0/0",
                            "route.2425736969.egress_only_gateway_id": "",
                            "route.2425736969.gateway_id": "",
                            "route.2425736969.instance_id": "",
                            "route.2425736969.ipv6_cidr_block": "",
                            "route.2425736969.nat_gateway_id": "nat-050b352dd10c9ab58",
                            "route.2425736969.network_interface_id": "",
                            "route.2425736969.vpc_peering_connection_id": "",
                            "route.2737205977.cidr_block": "10.123.24.0/22",
                            "route.2737205977.egress_only_gateway_id": "",
                            "route.2737205977.gateway_id": "",
                            "route.2737205977.instance_id": "",
                            "route.2737205977.ipv6_cidr_block": "",
                            "route.2737205977.nat_gateway_id": "",
                            "route.2737205977.network_interface_id": "",
                            "route.2737205977.vpc_peering_connection_id": "pcx-55d4a73c",
                            "route.2770150837.cidr_block": "10.127.43.7/32",
                            "route.2770150837.egress_only_gateway_id": "",
                            "route.2770150837.gateway_id": "",
                            "route.2770150837.instance_id": "",
                            "route.2770150837.ipv6_cidr_block": "",
                            "route.2770150837.nat_gateway_id": "",
                            "route.2770150837.network_interface_id": "",
                            "route.2770150837.vpc_peering_connection_id": "pcx-26f7874f",
                            "route.3248318307.cidr_block": "10.126.20.0/22",
                            "route.3248318307.egress_only_gateway_id": "",
                            "route.3248318307.gateway_id": "",
                            "route.3248318307.instance_id": "",
                            "route.3248318307.ipv6_cidr_block": "",
                            "route.3248318307.nat_gateway_id": "",
                            "route.3248318307.network_interface_id": "",
                            "route.3248318307.vpc_peering_connection_id": "pcx-5c621135",
                            "route.360295559.cidr_block": "10.123.16.0/22",
                            "route.360295559.egress_only_gateway_id": "",
                            "route.360295559.gateway_id": "",
                            "route.360295559.instance_id": "",
                            "route.360295559.ipv6_cidr_block": "",
                            "route.360295559.nat_gateway_id": "",
                            "route.360295559.network_interface_id": "",
                            "route.360295559.vpc_peering_connection_id": "pcx-7dd7a414",
                            "tags.%": "5",
                            "tags.Name": "pipeline-jcx-natdc-routetable",
                            "tags.account_name": "jive-microservices-pipeline",
                            "tags.pipeline_phase": "pipeline-jcx",
                            "tags.region": "us-east-1",
                            "tags.sla": "non-prod",
                            "vpc_id": "vpc-0344df7a"
                        },
                        "meta": {},
                        "tainted": false
                    },
                    "deposed": [],
                    "provider": ""
                },
                "aws_route_table.private": {
                    "type": "aws_route_table",
                    "depends_on": [
                        "aws_vpc.main"
                    ],
                    "primary": {
                        "id": "rtb-b85870c0",
                        "attributes": {
                            "id": "rtb-b85870c0",
                            "propagating_vgws.#": "0",
                            "route.#": "7",
                            "route.124307379.cidr_block": "10.126.16.0/22",
                            "route.124307379.egress_only_gateway_id": "",
                            "route.124307379.gateway_id": "",
                            "route.124307379.instance_id": "",
                            "route.124307379.ipv6_cidr_block": "",
                            "route.124307379.nat_gateway_id": "",
                            "route.124307379.network_interface_id": "",
                            "route.124307379.vpc_peering_connection_id": "pcx-9d780bf4",
                            "route.1896258543.cidr_block": "10.126.24.0/22",
                            "route.1896258543.egress_only_gateway_id": "",
                            "route.1896258543.gateway_id": "",
                            "route.1896258543.instance_id": "",
                            "route.1896258543.ipv6_cidr_block": "",
                            "route.1896258543.nat_gateway_id": "",
                            "route.1896258543.network_interface_id": "",
                            "route.1896258543.vpc_peering_connection_id": "pcx-a37b08ca",
                            "route.2218453665.cidr_block": "10.123.20.0/22",
                            "route.2218453665.egress_only_gateway_id": "",
                            "route.2218453665.gateway_id": "",
                            "route.2218453665.instance_id": "",
                            "route.2218453665.ipv6_cidr_block": "",
                            "route.2218453665.nat_gateway_id": "",
                            "route.2218453665.network_interface_id": "",
                            "route.2218453665.vpc_peering_connection_id": "pcx-7ce89b15",
                            "route.2737205977.cidr_block": "10.123.24.0/22",
                            "route.2737205977.egress_only_gateway_id": "",
                            "route.2737205977.gateway_id": "",
                            "route.2737205977.instance_id": "",
                            "route.2737205977.ipv6_cidr_block": "",
                            "route.2737205977.nat_gateway_id": "",
                            "route.2737205977.network_interface_id": "",
                            "route.2737205977.vpc_peering_connection_id": "pcx-55d4a73c",
                            "route.2770150837.cidr_block": "10.127.43.7/32",
                            "route.2770150837.egress_only_gateway_id": "",
                            "route.2770150837.gateway_id": "",
                            "route.2770150837.instance_id": "",
                            "route.2770150837.ipv6_cidr_block": "",
                            "route.2770150837.nat_gateway_id": "",
                            "route.2770150837.network_interface_id": "",
                            "route.2770150837.vpc_peering_connection_id": "pcx-26f7874f",
                            "route.3248318307.cidr_block": "10.126.20.0/22",
                            "route.3248318307.egress_only_gateway_id": "",
                            "route.3248318307.gateway_id": "",
                            "route.3248318307.instance_id": "",
                            "route.3248318307.ipv6_cidr_block": "",
                            "route.3248318307.nat_gateway_id": "",
                            "route.3248318307.network_interface_id": "",
                            "route.3248318307.vpc_peering_connection_id": "pcx-5c621135",
                            "route.360295559.cidr_block": "10.123.16.0/22",
                            "route.360295559.egress_only_gateway_id": "",
                            "route.360295559.gateway_id": "",
                            "route.360295559.instance_id": "",
                            "route.360295559.ipv6_cidr_block": "",
                            "route.360295559.nat_gateway_id": "",
                            "route.360295559.network_interface_id": "",
                            "route.360295559.vpc_peering_connection_id": "pcx-7dd7a414",
                            "tags.%": "5",
                            "tags.Name": "pipeline-jcx-private-routetable",
                            "tags.account_name": "jive-microservices-pipeline",
                            "tags.pipeline_phase": "pipeline-jcx",
                            "tags.region": "us-east-1",
                            "tags.sla": "non-prod",
                            "vpc_id": "vpc-0344df7a"
                        },
                        "meta": {},
                        "tainted": false
                    },
                    "deposed": [],
                    "provider": ""
                },
                "aws_route_table.public": {
                    "type": "aws_route_table",
                    "depends_on": [
                        "aws_internet_gateway.igw",
                        "aws_vpc.main"
                    ],
                    "primary": {
                        "id": "rtb-f7446c8f",
                        "attributes": {
                            "id": "rtb-f7446c8f",
                            "propagating_vgws.#": "0",
                            "route.#": "8",
                            "route.124307379.cidr_block": "10.126.16.0/22",
                            "route.124307379.egress_only_gateway_id": "",
                            "route.124307379.gateway_id": "",
                            "route.124307379.instance_id": "",
                            "route.124307379.ipv6_cidr_block": "",
                            "route.124307379.nat_gateway_id": "",
                            "route.124307379.network_interface_id": "",
                            "route.124307379.vpc_peering_connection_id": "pcx-9d780bf4",
                            "route.1896258543.cidr_block": "10.126.24.0/22",
                            "route.1896258543.egress_only_gateway_id": "",
                            "route.1896258543.gateway_id": "",
                            "route.1896258543.instance_id": "",
                            "route.1896258543.ipv6_cidr_block": "",
                            "route.1896258543.nat_gateway_id": "",
                            "route.1896258543.network_interface_id": "",
                            "route.1896258543.vpc_peering_connection_id": "pcx-a37b08ca",
                            "route.2218453665.cidr_block": "10.123.20.0/22",
                            "route.2218453665.egress_only_gateway_id": "",
                            "route.2218453665.gateway_id": "",
                            "route.2218453665.instance_id": "",
                            "route.2218453665.ipv6_cidr_block": "",
                            "route.2218453665.nat_gateway_id": "",
                            "route.2218453665.network_interface_id": "",
                            "route.2218453665.vpc_peering_connection_id": "pcx-7ce89b15",
                            "route.2737205977.cidr_block": "10.123.24.0/22",
                            "route.2737205977.egress_only_gateway_id": "",
                            "route.2737205977.gateway_id": "",
                            "route.2737205977.instance_id": "",
                            "route.2737205977.ipv6_cidr_block": "",
                            "route.2737205977.nat_gateway_id": "",
                            "route.2737205977.network_interface_id": "",
                            "route.2737205977.vpc_peering_connection_id": "pcx-55d4a73c",
                            "route.2770150837.cidr_block": "10.127.43.7/32",
                            "route.2770150837.egress_only_gateway_id": "",
                            "route.2770150837.gateway_id": "",
                            "route.2770150837.instance_id": "",
                            "route.2770150837.ipv6_cidr_block": "",
                            "route.2770150837.nat_gateway_id": "",
                            "route.2770150837.network_interface_id": "",
                            "route.2770150837.vpc_peering_connection_id": "pcx-26f7874f",
                            "route.3248318307.cidr_block": "10.126.20.0/22",
                            "route.3248318307.egress_only_gateway_id": "",
                            "route.3248318307.gateway_id": "",
                            "route.3248318307.instance_id": "",
                            "route.3248318307.ipv6_cidr_block": "",
                            "route.3248318307.nat_gateway_id": "",
                            "route.3248318307.network_interface_id": "",
                            "route.3248318307.vpc_peering_connection_id": "pcx-5c621135",
                            "route.360295559.cidr_block": "10.123.16.0/22",
                            "route.360295559.egress_only_gateway_id": "",
                            "route.360295559.gateway_id": "",
                            "route.360295559.instance_id": "",
                            "route.360295559.ipv6_cidr_block": "",
                            "route.360295559.nat_gateway_id": "",
                            "route.360295559.network_interface_id": "",
                            "route.360295559.vpc_peering_connection_id": "pcx-7dd7a414",
                            "route.668192256.cidr_block": "0.0.0.0/0",
                            "route.668192256.egress_only_gateway_id": "",
                            "route.668192256.gateway_id": "igw-0cc68f6a",
                            "route.668192256.instance_id": "",
                            "route.668192256.ipv6_cidr_block": "",
                            "route.668192256.nat_gateway_id": "",
                            "route.668192256.network_interface_id": "",
                            "route.668192256.vpc_peering_connection_id": "",
                            "tags.%": "6",
                            "tags.KubernetesCluster": "us-east-1_jive-microservices-pipeline-jcx",
                            "tags.Name": "pipeline-jcx-public-routetable",
                            "tags.account_name": "jive-microservices-pipeline",
                            "tags.pipeline_phase": "pipeline-jcx",
                            "tags.region": "us-east-1",
                            "tags.sla": "non-prod",
                            "vpc_id": "vpc-0344df7a"
                        },
                        "meta": {},
                        "tainted": false
                    },
                    "deposed": [],
                    "provider": ""
                },
                "aws_route_table_association.natdc.0": {
                    "type": "aws_route_table_association",
                    "depends_on": [
                        "aws_route_table.natdc.*",
                        "aws_subnet.natdc.*"
                    ],
                    "primary": {
                        "id": "rtbassoc-1d263c66",
                        "attributes": {
                            "id": "rtbassoc-1d263c66",
                            "route_table_id": "rtb-485e7630",
                            "subnet_id": "subnet-e7bd2ecb"
                        },
                        "meta": {},
                        "tainted": false
                    },
                    "deposed": [],
                    "provider": ""
                },
                "aws_route_table_association.natdc.1": {
                    "type": "aws_route_table_association",
                    "depends_on": [
                        "aws_route_table.natdc.*",
                        "aws_subnet.natdc.*"
                    ],
                    "primary": {
                        "id": "rtbassoc-5fddc724",
                        "attributes": {
                            "id": "rtbassoc-5fddc724",
                            "route_table_id": "rtb-dc5971a4",
                            "subnet_id": "subnet-d4377d9c"
                        },
                        "meta": {},
                        "tainted": false
                    },
                    "deposed": [],
                    "provider": ""
                },
                "aws_route_table_association.natdc.2": {
                    "type": "aws_route_table_association",
                    "depends_on": [
                        "aws_route_table.natdc.*",
                        "aws_subnet.natdc.*"
                    ],
                    "primary": {
                        "id": "rtbassoc-e0dfc59b",
                        "attributes": {
                            "id": "rtbassoc-e0dfc59b",
                            "route_table_id": "rtb-755d750d",
                            "subnet_id": "subnet-466ae11c"
                        },
                        "meta": {},
                        "tainted": false
                    },
                    "deposed": [],
                    "provider": ""
                },
                "aws_route_table_association.natdc.3": {
                    "type": "aws_route_table_association",
                    "depends_on": [
                        "aws_route_table.natdc.*",
                        "aws_subnet.natdc.*"
                    ],
                    "primary": {
                        "id": "rtbassoc-eed8c295",
                        "attributes": {
                            "id": "rtbassoc-eed8c295",
                            "route_table_id": "rtb-cf426ab7",
                            "subnet_id": "subnet-1a101326"
                        },
                        "meta": {},
                        "tainted": false
                    },
                    "deposed": [],
                    "provider": ""
                },
                "aws_route_table_association.natdc.4": {
                    "type": "aws_route_table_association",
                    "depends_on": [
                        "aws_route_table.natdc.*",
                        "aws_subnet.natdc.*"
                    ],
                    "primary": {
                        "id": "rtbassoc-1e263c65",
                        "attributes": {
                            "id": "rtbassoc-1e263c65",
                            "route_table_id": "rtb-9e466ee6",
                            "subnet_id": "subnet-ee2bca8a"
                        },
                        "meta": {},
                        "tainted": false
                    },
                    "deposed": [],
                    "provider": ""
                },
                "aws_route_table_association.private.0": {
                    "type": "aws_route_table_association",
                    "depends_on": [
                        "aws_route_table.private",
                        "aws_subnet.private.*"
                    ],
                    "primary": {
                        "id": "rtbassoc-2edcc655",
                        "attributes": {
                            "id": "rtbassoc-2edcc655",
                            "route_table_id": "rtb-b85870c0",
                            "subnet_id": "subnet-17de3f73"
                        },
                        "meta": {},
                        "tainted": false
                    },
                    "deposed": [],
                    "provider": ""
                },
                "aws_route_table_association.private.1": {
                    "type": "aws_route_table_association",
                    "depends_on": [
                        "aws_route_table.private",
                        "aws_subnet.private.*"
                    ],
                    "primary": {
                        "id": "rtbassoc-be263cc5",
                        "attributes": {
                            "id": "rtbassoc-be263cc5",
                            "route_table_id": "rtb-b85870c0",
                            "subnet_id": "subnet-5aba2976"
                        },
                        "meta": {},
                        "tainted": false
                    },
                    "deposed": [],
                    "provider": ""
                },
                "aws_route_table_association.private.2": {
                    "type": "aws_route_table_association",
                    "depends_on": [
                        "aws_route_table.private",
                        "aws_subnet.private.*"
                    ],
                    "primary": {
                        "id": "rtbassoc-c4243ebf",
                        "attributes": {
                            "id": "rtbassoc-c4243ebf",
                            "route_table_id": "rtb-b85870c0",
                            "subnet_id": "subnet-9d3d77d5"
                        },
                        "meta": {},
                        "tainted": false
                    },
                    "deposed": [],
                    "provider": ""
                },
                "aws_route_table_association.private.3": {
                    "type": "aws_route_table_association",
                    "depends_on": [
                        "aws_route_table.private",
                        "aws_subnet.private.*"
                    ],
                    "primary": {
                        "id": "rtbassoc-bd263cc6",
                        "attributes": {
                            "id": "rtbassoc-bd263cc6",
                            "route_table_id": "rtb-b85870c0",
                            "subnet_id": "subnet-a851daf2"
                        },
                        "meta": {},
                        "tainted": false
                    },
                    "deposed": [],
                    "provider": ""
                },
                "aws_route_table_association.private.4": {
                    "type": "aws_route_table_association",
                    "depends_on": [
                        "aws_route_table.private",
                        "aws_subnet.private.*"
                    ],
                    "primary": {
                        "id": "rtbassoc-f2273d89",
                        "attributes": {
                            "id": "rtbassoc-f2273d89",
                            "route_table_id": "rtb-b85870c0",
                            "subnet_id": "subnet-141b1828"
                        },
                        "meta": {},
                        "tainted": false
                    },
                    "deposed": [],
                    "provider": ""
                },
                "aws_route_table_association.public.0": {
                    "type": "aws_route_table_association",
                    "depends_on": [
                        "aws_route_table.public",
                        "aws_subnet.public.*"
                    ],
                    "primary": {
                        "id": "rtbassoc-f1273d8a",
                        "attributes": {
                            "id": "rtbassoc-f1273d8a",
                            "route_table_id": "rtb-f7446c8f",
                            "subnet_id": "subnet-c922c3ad"
                        },
                        "meta": {},
                        "tainted": false
                    },
                    "deposed": [],
                    "provider": ""
                },
                "aws_route_table_association.public.1": {
                    "type": "aws_route_table_association",
                    "depends_on": [
                        "aws_route_table.public",
                        "aws_subnet.public.*"
                    ],
                    "primary": {
                        "id": "rtbassoc-35dac04e",
                        "attributes": {
                            "id": "rtbassoc-35dac04e",
                            "route_table_id": "rtb-f7446c8f",
                            "subnet_id": "subnet-dea734f2"
                        },
                        "meta": {},
                        "tainted": false
                    },
                    "deposed": [],
                    "provider": ""
                },
                "aws_route_table_association.public.2": {
                    "type": "aws_route_table_association",
                    "depends_on": [
                        "aws_route_table.public",
                        "aws_subnet.public.*"
                    ],
                    "primary": {
                        "id": "rtbassoc-fa253f81",
                        "attributes": {
                            "id": "rtbassoc-fa253f81",
                            "route_table_id": "rtb-f7446c8f",
                            "subnet_id": "subnet-35307a7d"
                        },
                        "meta": {},
                        "tainted": false
                    },
                    "deposed": [],
                    "provider": ""
                },
                "aws_route_table_association.public.3": {
                    "type": "aws_route_table_association",
                    "depends_on": [
                        "aws_route_table.public",
                        "aws_subnet.public.*"
                    ],
                    "primary": {
                        "id": "rtbassoc-88253ff3",
                        "attributes": {
                            "id": "rtbassoc-88253ff3",
                            "route_table_id": "rtb-f7446c8f",
                            "subnet_id": "subnet-a554dfff"
                        },
                        "meta": {},
                        "tainted": false
                    },
                    "deposed": [],
                    "provider": ""
                },
                "aws_route_table_association.public.4": {
                    "type": "aws_route_table_association",
                    "depends_on": [
                        "aws_route_table.public",
                        "aws_subnet.public.*"
                    ],
                    "primary": {
                        "id": "rtbassoc-1a263c61",
                        "attributes": {
                            "id": "rtbassoc-1a263c61",
                            "route_table_id": "rtb-f7446c8f",
                            "subnet_id": "subnet-991516a5"
                        },
                        "meta": {},
                        "tainted": false
                    },
                    "deposed": [],
                    "provider": ""
                },
                "aws_security_group.env_instance": {
                    "type": "aws_security_group",
                    "depends_on": [
                        "aws_vpc.main",
                        "data.aws_security_group.bastion"
                    ],
                    "primary": {
                        "id": "sg-c5642eb4",
                        "attributes": {
                            "description": "All instances within the evironment",
                            "egress.#": "1",
                            "egress.482069346.cidr_blocks.#": "1",
                            "egress.482069346.cidr_blocks.0": "0.0.0.0/0",
                            "egress.482069346.from_port": "0",
                            "egress.482069346.ipv6_cidr_blocks.#": "0",
                            "egress.482069346.prefix_list_ids.#": "0",
                            "egress.482069346.protocol": "-1",
                            "egress.482069346.security_groups.#": "0",
                            "egress.482069346.self": "false",
                            "egress.482069346.to_port": "0",
                            "id": "sg-c5642eb4",
                            "ingress.#": "2",
                            "ingress.2406528660.cidr_blocks.#": "0",
                            "ingress.2406528660.from_port": "22",
                            "ingress.2406528660.ipv6_cidr_blocks.#": "0",
                            "ingress.2406528660.protocol": "tcp",
                            "ingress.2406528660.security_groups.#": "1",
                            "ingress.2406528660.security_groups.1106502445": "sg-cd652ebc",
                            "ingress.2406528660.self": "false",
                            "ingress.2406528660.to_port": "22",
                            "ingress.839149879.cidr_blocks.#": "0",
                            "ingress.839149879.from_port": "8",
                            "ingress.839149879.ipv6_cidr_blocks.#": "0",
                            "ingress.839149879.protocol": "icmp",
                            "ingress.839149879.security_groups.#": "1",
                            "ingress.839149879.security_groups.1106502445": "sg-cd652ebc",
                            "ingress.839149879.self": "false",
                            "ingress.839149879.to_port": "0",
                            "name": "pipeline-jcx-instance",
                            "owner_id": "811034720611",
                            "tags.%": "5",
                            "tags.Name": "pipeline-jcx-instance",
                            "tags.account_name": "jive-microservices-pipeline",
                            "tags.pipeline_phase": "pipeline-jcx",
                            "tags.region": "us-east-1",
                            "tags.sla": "non-prod",
                            "vpc_id": "vpc-0344df7a"
                        },
                        "meta": {},
                        "tainted": false
                    },
                    "deposed": [],
                    "provider": ""
                },
                "aws_subnet.natdc.0": {
                    "type": "aws_subnet",
                    "depends_on": [
                        "aws_vpc.main"
                    ],
                    "primary": {
                        "id": "subnet-ee2bca8a",
                        "attributes": {
                            "assign_ipv6_address_on_creation": "false",
                            "availability_zone": "us-east-1a",
                            "cidr_block": "10.125.96.0/23",
                            "id": "subnet-ee2bca8a",
                            "map_public_ip_on_launch": "false",
                            "tags.%": "7",
                            "tags.KubernetesCluster": "us-east-1_jive-microservices-pipeline-jcx",
                            "tags.Name": "pipeline-jcx-natdc-subnet",
                            "tags.account_name": "jive-microservices-pipeline",
                            "tags.kubernetes.io/role/internal-elb": "us-east-1_jive-microservices-pipeline-jcx",
                            "tags.pipeline_phase": "pipeline-jcx",
                            "tags.region": "us-east-1",
                            "tags.sla": "non-prod",
                            "vpc_id": "vpc-0344df7a"
                        },
                        "meta": {
                            "schema_version": "1"
                        },
                        "tainted": false
                    },
                    "deposed": [],
                    "provider": ""
                },
                "aws_subnet.natdc.1": {
                    "type": "aws_subnet",
                    "depends_on": [
                        "aws_vpc.main"
                    ],
                    "primary": {
                        "id": "subnet-e7bd2ecb",
                        "attributes": {
                            "assign_ipv6_address_on_creation": "false",
                            "availability_zone": "us-east-1b",
                            "cidr_block": "10.125.98.0/23",
                            "id": "subnet-e7bd2ecb",
                            "map_public_ip_on_launch": "false",
                            "tags.%": "7",
                            "tags.KubernetesCluster": "us-east-1_jive-microservices-pipeline-jcx",
                            "tags.Name": "pipeline-jcx-natdc-subnet",
                            "tags.account_name": "jive-microservices-pipeline",
                            "tags.kubernetes.io/role/internal-elb": "us-east-1_jive-microservices-pipeline-jcx",
                            "tags.pipeline_phase": "pipeline-jcx",
                            "tags.region": "us-east-1",
                            "tags.sla": "non-prod",
                            "vpc_id": "vpc-0344df7a"
                        },
                        "meta": {
                            "schema_version": "1"
                        },
                        "tainted": false
                    },
                    "deposed": [],
                    "provider": ""
                },
                "aws_subnet.natdc.2": {
                    "type": "aws_subnet",
                    "depends_on": [
                        "aws_vpc.main"
                    ],
                    "primary": {
                        "id": "subnet-d4377d9c",
                        "attributes": {
                            "assign_ipv6_address_on_creation": "false",
                            "availability_zone": "us-east-1c",
                            "cidr_block": "10.125.100.0/23",
                            "id": "subnet-d4377d9c",
                            "map_public_ip_on_launch": "false",
                            "tags.%": "7",
                            "tags.KubernetesCluster": "us-east-1_jive-microservices-pipeline-jcx",
                            "tags.Name": "pipeline-jcx-natdc-subnet",
                            "tags.account_name": "jive-microservices-pipeline",
                            "tags.kubernetes.io/role/internal-elb": "us-east-1_jive-microservices-pipeline-jcx",
                            "tags.pipeline_phase": "pipeline-jcx",
                            "tags.region": "us-east-1",
                            "tags.sla": "non-prod",
                            "vpc_id": "vpc-0344df7a"
                        },
                        "meta": {
                            "schema_version": "1"
                        },
                        "tainted": false
                    },
                    "deposed": [],
                    "provider": ""
                },
                "aws_subnet.natdc.3": {
                    "type": "aws_subnet",
                    "depends_on": [
                        "aws_vpc.main"
                    ],
                    "primary": {
                        "id": "subnet-466ae11c",
                        "attributes": {
                            "assign_ipv6_address_on_creation": "false",
                            "availability_zone": "us-east-1d",
                            "cidr_block": "10.125.102.0/23",
                            "id": "subnet-466ae11c",
                            "map_public_ip_on_launch": "false",
                            "tags.%": "7",
                            "tags.KubernetesCluster": "us-east-1_jive-microservices-pipeline-jcx",
                            "tags.Name": "pipeline-jcx-natdc-subnet",
                            "tags.account_name": "jive-microservices-pipeline",
                            "tags.kubernetes.io/role/internal-elb": "us-east-1_jive-microservices-pipeline-jcx",
                            "tags.pipeline_phase": "pipeline-jcx",
                            "tags.region": "us-east-1",
                            "tags.sla": "non-prod",
                            "vpc_id": "vpc-0344df7a"
                        },
                        "meta": {
                            "schema_version": "1"
                        },
                        "tainted": false
                    },
                    "deposed": [],
                    "provider": ""
                },
                "aws_subnet.natdc.4": {
                    "type": "aws_subnet",
                    "depends_on": [
                        "aws_vpc.main"
                    ],
                    "primary": {
                        "id": "subnet-1a101326",
                        "attributes": {
                            "assign_ipv6_address_on_creation": "false",
                            "availability_zone": "us-east-1e",
                            "cidr_block": "10.125.104.0/23",
                            "id": "subnet-1a101326",
                            "map_public_ip_on_launch": "false",
                            "tags.%": "7",
                            "tags.KubernetesCluster": "us-east-1_jive-microservices-pipeline-jcx",
                            "tags.Name": "pipeline-jcx-natdc-subnet",
                            "tags.account_name": "jive-microservices-pipeline",
                            "tags.kubernetes.io/role/internal-elb": "us-east-1_jive-microservices-pipeline-jcx",
                            "tags.pipeline_phase": "pipeline-jcx",
                            "tags.region": "us-east-1",
                            "tags.sla": "non-prod",
                            "vpc_id": "vpc-0344df7a"
                        },
                        "meta": {
                            "schema_version": "1"
                        },
                        "tainted": false
                    },
                    "deposed": [],
                    "provider": ""
                },
                "aws_subnet.private.0": {
                    "type": "aws_subnet",
                    "depends_on": [
                        "aws_vpc.main"
                    ],
                    "primary": {
                        "id": "subnet-17de3f73",
                        "attributes": {
                            "assign_ipv6_address_on_creation": "false",
                            "availability_zone": "us-east-1a",
                            "cidr_block": "10.125.108.128/25",
                            "id": "subnet-17de3f73",
                            "map_public_ip_on_launch": "false",
                            "tags.%": "5",
                            "tags.Name": "pipeline-jcx-private-subnet",
                            "tags.account_name": "jive-microservices-pipeline",
                            "tags.pipeline_phase": "pipeline-jcx",
                            "tags.region": "us-east-1",
                            "tags.sla": "non-prod",
                            "vpc_id": "vpc-0344df7a"
                        },
                        "meta": {
                            "schema_version": "1"
                        },
                        "tainted": false
                    },
                    "deposed": [],
                    "provider": ""
                },
                "aws_subnet.private.1": {
                    "type": "aws_subnet",
                    "depends_on": [
                        "aws_vpc.main"
                    ],
                    "primary": {
                        "id": "subnet-5aba2976",
                        "attributes": {
                            "assign_ipv6_address_on_creation": "false",
                            "availability_zone": "us-east-1b",
                            "cidr_block": "10.125.109.0/25",
                            "id": "subnet-5aba2976",
                            "map_public_ip_on_launch": "false",
                            "tags.%": "5",
                            "tags.Name": "pipeline-jcx-private-subnet",
                            "tags.account_name": "jive-microservices-pipeline",
                            "tags.pipeline_phase": "pipeline-jcx",
                            "tags.region": "us-east-1",
                            "tags.sla": "non-prod",
                            "vpc_id": "vpc-0344df7a"
                        },
                        "meta": {
                            "schema_version": "1"
                        },
                        "tainted": false
                    },
                    "deposed": [],
                    "provider": ""
                },
                "aws_subnet.private.2": {
                    "type": "aws_subnet",
                    "depends_on": [
                        "aws_vpc.main"
                    ],
                    "primary": {
                        "id": "subnet-9d3d77d5",
                        "attributes": {
                            "assign_ipv6_address_on_creation": "false",
                            "availability_zone": "us-east-1c",
                            "cidr_block": "10.125.109.128/25",
                            "id": "subnet-9d3d77d5",
                            "map_public_ip_on_launch": "false",
                            "tags.%": "5",
                            "tags.Name": "pipeline-jcx-private-subnet",
                            "tags.account_name": "jive-microservices-pipeline",
                            "tags.pipeline_phase": "pipeline-jcx",
                            "tags.region": "us-east-1",
                            "tags.sla": "non-prod",
                            "vpc_id": "vpc-0344df7a"
                        },
                        "meta": {
                            "schema_version": "1"
                        },
                        "tainted": false
                    },
                    "deposed": [],
                    "provider": ""
                },
                "aws_subnet.private.3": {
                    "type": "aws_subnet",
                    "depends_on": [
                        "aws_vpc.main"
                    ],
                    "primary": {
                        "id": "subnet-a851daf2",
                        "attributes": {
                            "assign_ipv6_address_on_creation": "false",
                            "availability_zone": "us-east-1d",
                            "cidr_block": "10.125.110.0/25",
                            "id": "subnet-a851daf2",
                            "map_public_ip_on_launch": "false",
                            "tags.%": "5",
                            "tags.Name": "pipeline-jcx-private-subnet",
                            "tags.account_name": "jive-microservices-pipeline",
                            "tags.pipeline_phase": "pipeline-jcx",
                            "tags.region": "us-east-1",
                            "tags.sla": "non-prod",
                            "vpc_id": "vpc-0344df7a"
                        },
                        "meta": {
                            "schema_version": "1"
                        },
                        "tainted": false
                    },
                    "deposed": [],
                    "provider": ""
                },
                "aws_subnet.private.4": {
                    "type": "aws_subnet",
                    "depends_on": [
                        "aws_vpc.main"
                    ],
                    "primary": {
                        "id": "subnet-141b1828",
                        "attributes": {
                            "assign_ipv6_address_on_creation": "false",
                            "availability_zone": "us-east-1e",
                            "cidr_block": "10.125.110.128/25",
                            "id": "subnet-141b1828",
                            "map_public_ip_on_launch": "false",
                            "tags.%": "5",
                            "tags.Name": "pipeline-jcx-private-subnet",
                            "tags.account_name": "jive-microservices-pipeline",
                            "tags.pipeline_phase": "pipeline-jcx",
                            "tags.region": "us-east-1",
                            "tags.sla": "non-prod",
                            "vpc_id": "vpc-0344df7a"
                        },
                        "meta": {
                            "schema_version": "1"
                        },
                        "tainted": false
                    },
                    "deposed": [],
                    "provider": ""
                },
                "aws_subnet.public.0": {
                    "type": "aws_subnet",
                    "depends_on": [
                        "aws_vpc.main"
                    ],
                    "primary": {
                        "id": "subnet-c922c3ad",
                        "attributes": {
                            "assign_ipv6_address_on_creation": "false",
                            "availability_zone": "us-east-1a",
                            "cidr_block": "10.125.106.0/25",
                            "id": "subnet-c922c3ad",
                            "map_public_ip_on_launch": "false",
                            "tags.%": "6",
                            "tags.KubernetesCluster": "us-east-1_jive-microservices-pipeline-jcx",
                            "tags.Name": "pipeline-jcx-public-subnet",
                            "tags.account_name": "jive-microservices-pipeline",
                            "tags.pipeline_phase": "pipeline-jcx",
                            "tags.region": "us-east-1",
                            "tags.sla": "non-prod",
                            "vpc_id": "vpc-0344df7a"
                        },
                        "meta": {
                            "schema_version": "1"
                        },
                        "tainted": false
                    },
                    "deposed": [],
                    "provider": ""
                },
                "aws_subnet.public.1": {
                    "type": "aws_subnet",
                    "depends_on": [
                        "aws_vpc.main"
                    ],
                    "primary": {
                        "id": "subnet-dea734f2",
                        "attributes": {
                            "assign_ipv6_address_on_creation": "false",
                            "availability_zone": "us-east-1b",
                            "cidr_block": "10.125.106.128/25",
                            "id": "subnet-dea734f2",
                            "map_public_ip_on_launch": "false",
                            "tags.%": "6",
                            "tags.KubernetesCluster": "us-east-1_jive-microservices-pipeline-jcx",
                            "tags.Name": "pipeline-jcx-public-subnet",
                            "tags.account_name": "jive-microservices-pipeline",
                            "tags.pipeline_phase": "pipeline-jcx",
                            "tags.region": "us-east-1",
                            "tags.sla": "non-prod",
                            "vpc_id": "vpc-0344df7a"
                        },
                        "meta": {
                            "schema_version": "1"
                        },
                        "tainted": false
                    },
                    "deposed": [],
                    "provider": ""
                },
                "aws_subnet.public.2": {
                    "type": "aws_subnet",
                    "depends_on": [
                        "aws_vpc.main"
                    ],
                    "primary": {
                        "id": "subnet-35307a7d",
                        "attributes": {
                            "assign_ipv6_address_on_creation": "false",
                            "availability_zone": "us-east-1c",
                            "cidr_block": "10.125.107.0/25",
                            "id": "subnet-35307a7d",
                            "map_public_ip_on_launch": "false",
                            "tags.%": "6",
                            "tags.KubernetesCluster": "us-east-1_jive-microservices-pipeline-jcx",
                            "tags.Name": "pipeline-jcx-public-subnet",
                            "tags.account_name": "jive-microservices-pipeline",
                            "tags.pipeline_phase": "pipeline-jcx",
                            "tags.region": "us-east-1",
                            "tags.sla": "non-prod",
                            "vpc_id": "vpc-0344df7a"
                        },
                        "meta": {
                            "schema_version": "1"
                        },
                        "tainted": false
                    },
                    "deposed": [],
                    "provider": ""
                },
                "aws_subnet.public.3": {
                    "type": "aws_subnet",
                    "depends_on": [
                        "aws_vpc.main"
                    ],
                    "primary": {
                        "id": "subnet-a554dfff",
                        "attributes": {
                            "assign_ipv6_address_on_creation": "false",
                            "availability_zone": "us-east-1d",
                            "cidr_block": "10.125.107.128/25",
                            "id": "subnet-a554dfff",
                            "map_public_ip_on_launch": "false",
                            "tags.%": "6",
                            "tags.KubernetesCluster": "us-east-1_jive-microservices-pipeline-jcx",
                            "tags.Name": "pipeline-jcx-public-subnet",
                            "tags.account_name": "jive-microservices-pipeline",
                            "tags.pipeline_phase": "pipeline-jcx",
                            "tags.region": "us-east-1",
                            "tags.sla": "non-prod",
                            "vpc_id": "vpc-0344df7a"
                        },
                        "meta": {
                            "schema_version": "1"
                        },
                        "tainted": false
                    },
                    "deposed": [],
                    "provider": ""
                },
                "aws_subnet.public.4": {
                    "type": "aws_subnet",
                    "depends_on": [
                        "aws_vpc.main"
                    ],
                    "primary": {
                        "id": "subnet-991516a5",
                        "attributes": {
                            "assign_ipv6_address_on_creation": "false",
                            "availability_zone": "us-east-1e",
                            "cidr_block": "10.125.108.0/25",
                            "id": "subnet-991516a5",
                            "map_public_ip_on_launch": "false",
                            "tags.%": "6",
                            "tags.KubernetesCluster": "us-east-1_jive-microservices-pipeline-jcx",
                            "tags.Name": "pipeline-jcx-public-subnet",
                            "tags.account_name": "jive-microservices-pipeline",
                            "tags.pipeline_phase": "pipeline-jcx",
                            "tags.region": "us-east-1",
                            "tags.sla": "non-prod",
                            "vpc_id": "vpc-0344df7a"
                        },
                        "meta": {
                            "schema_version": "1"
                        },
                        "tainted": false
                    },
                    "deposed": [],
                    "provider": ""
                },
                "aws_vpc.main": {
                    "type": "aws_vpc",
                    "depends_on": [],
                    "primary": {
                        "id": "vpc-0344df7a",
                        "attributes": {
                            "assign_generated_ipv6_cidr_block": "false",
                            "cidr_block": "10.125.96.0/20",
                            "default_network_acl_id": "acl-c1f4f9b8",
                            "default_route_table_id": "rtb-f3466e8b",
                            "default_security_group_id": "sg-1f7c366e",
                            "dhcp_options_id": "dopt-f94c1a9c",
                            "enable_classiclink": "false",
                            "enable_dns_hostnames": "true",
                            "enable_dns_support": "true",
                            "id": "vpc-0344df7a",
                            "instance_tenancy": "default",
                            "main_route_table_id": "rtb-f3466e8b",
                            "tags.%": "5",
                            "tags.Name": "pipeline-jcx-vpc",
                            "tags.account_name": "jive-microservices-pipeline",
                            "tags.pipeline_phase": "pipeline-jcx",
                            "tags.region": "us-east-1",
                            "tags.sla": "non-prod"
                        },
                        "meta": {
                            "schema_version": "1"
                        },
                        "tainted": false
                    },
                    "deposed": [],
                    "provider": ""
                },
                "aws_vpc_peering_connection.data_jcx_integ": {
                    "type": "aws_vpc_peering_connection",
                    "depends_on": [
                        "aws_vpc.main"
                    ],
                    "primary": {
                        "id": "pcx-7dd7a414",
                        "attributes": {
                            "accept_status": "active",
                            "accepter.#": "0",
                            "id": "pcx-7dd7a414",
                            "peer_owner_id": "999547976641",
                            "peer_vpc_id": "vpc-39fd6240",
                            "requester.#": "1",
                            "requester.3244290774.allow_classic_link_to_remote_vpc": "false",
                            "requester.3244290774.allow_remote_vpc_dns_resolution": "false",
                            "requester.3244290774.allow_vpc_to_remote_classic_link": "false",
                            "tags.%": "5",
                            "tags.Name": "pipeline-jcx_to_data_account_integ",
                            "tags.account_name": "jive-microservices-pipeline",
                            "tags.pipeline_phase": "pipeline-jcx",
                            "tags.region": "us-east-1",
                            "tags.sla": "non-prod",
                            "vpc_id": "vpc-0344df7a"
                        },
                        "meta": {},
                        "tainted": false
                    },
                    "deposed": [],
                    "provider": ""
                },
                "aws_vpc_peering_connection.data_jcx_release": {
                    "type": "aws_vpc_peering_connection",
                    "depends_on": [
                        "aws_vpc.main"
                    ],
                    "primary": {
                        "id": "pcx-55d4a73c",
                        "attributes": {
                            "accept_status": "active",
                            "accepter.#": "0",
                            "id": "pcx-55d4a73c",
                            "peer_owner_id": "999547976641",
                            "peer_vpc_id": "vpc-5ff36c26",
                            "requester.#": "1",
                            "requester.3244290774.allow_classic_link_to_remote_vpc": "false",
                            "requester.3244290774.allow_remote_vpc_dns_resolution": "false",
                            "requester.3244290774.allow_vpc_to_remote_classic_link": "false",
                            "tags.%": "5",
                            "tags.Name": "pipeline-jcx_to_data_account_release",
                            "tags.account_name": "jive-microservices-pipeline",
                            "tags.pipeline_phase": "pipeline-jcx",
                            "tags.region": "us-east-1",
                            "tags.sla": "non-prod",
                            "vpc_id": "vpc-0344df7a"
                        },
                        "meta": {},
                        "tainted": false
                    },
                    "deposed": [],
                    "provider": ""
                },
                "aws_vpc_peering_connection.data_jcx_test": {
                    "type": "aws_vpc_peering_connection",
                    "depends_on": [
                        "aws_vpc.main"
                    ],
                    "primary": {
                        "id": "pcx-7ce89b15",
                        "attributes": {
                            "accept_status": "active",
                            "accepter.#": "0",
                            "id": "pcx-7ce89b15",
                            "peer_owner_id": "999547976641",
                            "peer_vpc_id": "vpc-26f9665f",
                            "requester.#": "1",
                            "requester.3244290774.allow_classic_link_to_remote_vpc": "false",
                            "requester.3244290774.allow_remote_vpc_dns_resolution": "false",
                            "requester.3244290774.allow_vpc_to_remote_classic_link": "false",
                            "tags.%": "5",
                            "tags.Name": "pipeline-jcx_to_data_account_test",
                            "tags.account_name": "jive-microservices-pipeline",
                            "tags.pipeline_phase": "pipeline-jcx",
                            "tags.region": "us-east-1",
                            "tags.sla": "non-prod",
                            "vpc_id": "vpc-0344df7a"
                        },
                        "meta": {},
                        "tainted": false
                    },
                    "deposed": [],
                    "provider": ""
                },
                "aws_vpc_peering_connection.infra": {
                    "type": "aws_vpc_peering_connection",
                    "depends_on": [
                        "aws_vpc.main"
                    ],
                    "primary": {
                        "id": "pcx-26f7874f",
                        "attributes": {
                            "accept_status": "active",
                            "accepter.#": "1",
                            "accepter.3244290774.allow_classic_link_to_remote_vpc": "false",
                            "accepter.3244290774.allow_remote_vpc_dns_resolution": "false",
                            "accepter.3244290774.allow_vpc_to_remote_classic_link": "false",
                            "auto_accept": "true",
                            "id": "pcx-26f7874f",
                            "peer_owner_id": "811034720611",
                            "peer_vpc_id": "vpc-3ce97245",
                            "requester.#": "1",
                            "requester.3244290774.allow_classic_link_to_remote_vpc": "false",
                            "requester.3244290774.allow_remote_vpc_dns_resolution": "false",
                            "requester.3244290774.allow_vpc_to_remote_classic_link": "false",
                            "tags.%": "5",
                            "tags.Name": "pipeline-jcx_to_infra-jive-microservices-pipeline",
                            "tags.account_name": "jive-microservices-pipeline",
                            "tags.pipeline_phase": "pipeline-jcx",
                            "tags.region": "us-east-1",
                            "tags.sla": "non-prod",
                            "vpc_id": "vpc-0344df7a"
                        },
                        "meta": {},
                        "tainted": false
                    },
                    "deposed": [],
                    "provider": ""
                },
                "aws_vpc_peering_connection.reco_integ": {
                    "type": "aws_vpc_peering_connection",
                    "depends_on": [
                        "aws_vpc.main"
                    ],
                    "primary": {
                        "id": "pcx-9d780bf4",
                        "attributes": {
                            "accept_status": "active",
                            "accepter.#": "0",
                            "id": "pcx-9d780bf4",
                            "peer_owner_id": "642745549043",
                            "peer_vpc_id": "vpc-2441dc5d",
                            "requester.#": "1",
                            "requester.3244290774.allow_classic_link_to_remote_vpc": "false",
                            "requester.3244290774.allow_remote_vpc_dns_resolution": "false",
                            "requester.3244290774.allow_vpc_to_remote_classic_link": "false",
                            "tags.%": "5",
                            "tags.Name": "pipeline-jcx_to_reco_account_integ",
                            "tags.account_name": "jive-microservices-pipeline",
                            "tags.pipeline_phase": "pipeline-jcx",
                            "tags.region": "us-east-1",
                            "tags.sla": "non-prod",
                            "vpc_id": "vpc-0344df7a"
                        },
                        "meta": {},
                        "tainted": false
                    },
                    "deposed": [],
                    "provider": ""
                },
                "aws_vpc_peering_connection.reco_release": {
                    "type": "aws_vpc_peering_connection",
                    "depends_on": [
                        "aws_vpc.main"
                    ],
                    "primary": {
                        "id": "pcx-a37b08ca",
                        "attributes": {
                            "accept_status": "active",
                            "accepter.#": "0",
                            "id": "pcx-a37b08ca",
                            "peer_owner_id": "642745549043",
                            "peer_vpc_id": "vpc-1174e968",
                            "requester.#": "1",
                            "requester.3244290774.allow_classic_link_to_remote_vpc": "false",
                            "requester.3244290774.allow_remote_vpc_dns_resolution": "false",
                            "requester.3244290774.allow_vpc_to_remote_classic_link": "false",
                            "tags.%": "5",
                            "tags.Name": "pipeline-jcx_to_reco_account_release",
                            "tags.account_name": "jive-microservices-pipeline",
                            "tags.pipeline_phase": "pipeline-jcx",
                            "tags.region": "us-east-1",
                            "tags.sla": "non-prod",
                            "vpc_id": "vpc-0344df7a"
                        },
                        "meta": {},
                        "tainted": false
                    },
                    "deposed": [],
                    "provider": ""
                },
                "aws_vpc_peering_connection.reco_test": {
                    "type": "aws_vpc_peering_connection",
                    "depends_on": [
                        "aws_vpc.main"
                    ],
                    "primary": {
                        "id": "pcx-5c621135",
                        "attributes": {
                            "accept_status": "active",
                            "accepter.#": "0",
                            "id": "pcx-5c621135",
                            "peer_owner_id": "642745549043",
                            "peer_vpc_id": "vpc-fe43de87",
                            "requester.#": "1",
                            "requester.3244290774.allow_classic_link_to_remote_vpc": "false",
                            "requester.3244290774.allow_remote_vpc_dns_resolution": "false",
                            "requester.3244290774.allow_vpc_to_remote_classic_link": "false",
                            "tags.%": "5",
                            "tags.Name": "pipeline-jcx_to_reco_account_test",
                            "tags.account_name": "jive-microservices-pipeline",
                            "tags.pipeline_phase": "pipeline-jcx",
                            "tags.region": "us-east-1",
                            "tags.sla": "non-prod",
                            "vpc_id": "vpc-0344df7a"
                        },
                        "meta": {},
                        "tainted": false
                    },
                    "deposed": [],
                    "provider": ""
                },
                "aws_vpn_connection.main": {
                    "type": "aws_vpn_connection",
                    "depends_on": [
                        "aws_vpn_gateway.vgw"
                    ],
                    "primary": {
                        "id": "vpn-d16a79b0",
                        "attributes": {
                            "customer_gateway_configuration": "\u003c?xml version=\"1.0\" encoding=\"UTF-8\"?\u003e\n\u003cvpn_connection id=\"vpn-d16a79b0\"\u003e\n  \u003ccustomer_gateway_id\u003ecgw-d89d76b1\u003c/customer_gateway_id\u003e\n  \u003cvpn_gateway_id\u003evgw-a58e65cc\u003c/vpn_gateway_id\u003e\n  \u003cvpn_connection_type\u003eipsec.1\u003c/vpn_connection_type\u003e\n  \u003cipsec_tunnel\u003e\n    \u003ccustomer_gateway\u003e\n      \u003ctunnel_outside_address\u003e\n        \u003cip_address\u003e204.93.64.130\u003c/ip_address\u003e\n      \u003c/tunnel_outside_address\u003e\n      \u003ctunnel_inside_address\u003e\n        \u003cip_address\u003e169.254.46.194\u003c/ip_address\u003e\n        \u003cnetwork_mask\u003e255.255.255.252\u003c/network_mask\u003e\n        \u003cnetwork_cidr\u003e30\u003c/network_cidr\u003e\n      \u003c/tunnel_inside_address\u003e\n      \u003cbgp\u003e\n        \u003casn\u003e13364\u003c/asn\u003e\n        \u003chold_time\u003e30\u003c/hold_time\u003e\n      \u003c/bgp\u003e\n    \u003c/customer_gateway\u003e\n    \u003cvpn_gateway\u003e\n      \u003ctunnel_outside_address\u003e\n        \u003cip_address\u003e34.203.84.138\u003c/ip_address\u003e\n      \u003c/tunnel_outside_address\u003e\n      \u003ctunnel_inside_address\u003e\n        \u003cip_address\u003e169.254.46.193\u003c/ip_address\u003e\n        \u003cnetwork_mask\u003e255.255.255.252\u003c/network_mask\u003e\n        \u003cnetwork_cidr\u003e30\u003c/network_cidr\u003e\n      \u003c/tunnel_inside_address\u003e\n      \u003cbgp\u003e\n        \u003casn\u003e7224\u003c/asn\u003e\n        \u003chold_time\u003e30\u003c/hold_time\u003e\n      \u003c/bgp\u003e\n    \u003c/vpn_gateway\u003e\n    \u003cike\u003e\n      \u003cauthentication_protocol\u003esha1\u003c/authentication_protocol\u003e\n      \u003cencryption_protocol\u003eaes-128-cbc\u003c/encryption_protocol\u003e\n      \u003clifetime\u003e28800\u003c/lifetime\u003e\n      \u003cperfect_forward_secrecy\u003egroup2\u003c/perfect_forward_secrecy\u003e\n      \u003cmode\u003emain\u003c/mode\u003e\n      \u003cpre_shared_key\u003eK5qetxHaeHS.pcE4OAMYnM9E.HYa3M4j\u003c/pre_shared_key\u003e\n    \u003c/ike\u003e\n    \u003cipsec\u003e\n      \u003cprotocol\u003eesp\u003c/protocol\u003e\n      \u003cauthentication_protocol\u003ehmac-sha1-96\u003c/authentication_protocol\u003e\n      \u003cencryption_protocol\u003eaes-128-cbc\u003c/encryption_protocol\u003e\n      \u003clifetime\u003e3600\u003c/lifetime\u003e\n      \u003cperfect_forward_secrecy\u003egroup2\u003c/perfect_forward_secrecy\u003e\n      \u003cmode\u003etunnel\u003c/mode\u003e\n      \u003cclear_df_bit\u003etrue\u003c/clear_df_bit\u003e\n      \u003cfragmentation_before_encryption\u003etrue\u003c/fragmentation_before_encryption\u003e\n      \u003ctcp_mss_adjustment\u003e1379\u003c/tcp_mss_adjustment\u003e\n      \u003cdead_peer_detection\u003e\n        \u003cinterval\u003e10\u003c/interval\u003e\n        \u003cretries\u003e3\u003c/retries\u003e\n      \u003c/dead_peer_detection\u003e\n    \u003c/ipsec\u003e\n  \u003c/ipsec_tunnel\u003e\n  \u003cipsec_tunnel\u003e\n    \u003ccustomer_gateway\u003e\n      \u003ctunnel_outside_address\u003e\n        \u003cip_address\u003e204.93.64.130\u003c/ip_address\u003e\n      \u003c/tunnel_outside_address\u003e\n      \u003ctunnel_inside_address\u003e\n        \u003cip_address\u003e169.254.47.158\u003c/ip_address\u003e\n        \u003cnetwork_mask\u003e255.255.255.252\u003c/network_mask\u003e\n        \u003cnetwork_cidr\u003e30\u003c/network_cidr\u003e\n      \u003c/tunnel_inside_address\u003e\n      \u003cbgp\u003e\n        \u003casn\u003e13364\u003c/asn\u003e\n        \u003chold_time\u003e30\u003c/hold_time\u003e\n      \u003c/bgp\u003e\n    \u003c/customer_gateway\u003e\n    \u003cvpn_gateway\u003e\n      \u003ctunnel_outside_address\u003e\n        \u003cip_address\u003e52.44.122.26\u003c/ip_address\u003e\n      \u003c/tunnel_outside_address\u003e\n      \u003ctunnel_inside_address\u003e\n        \u003cip_address\u003e169.254.47.157\u003c/ip_address\u003e\n        \u003cnetwork_mask\u003e255.255.255.252\u003c/network_mask\u003e\n        \u003cnetwork_cidr\u003e30\u003c/network_cidr\u003e\n      \u003c/tunnel_inside_address\u003e\n      \u003cbgp\u003e\n        \u003casn\u003e7224\u003c/asn\u003e\n        \u003chold_time\u003e30\u003c/hold_time\u003e\n      \u003c/bgp\u003e\n    \u003c/vpn_gateway\u003e\n    \u003cike\u003e\n      \u003cauthentication_protocol\u003esha1\u003c/authentication_protocol\u003e\n      \u003cencryption_protocol\u003eaes-128-cbc\u003c/encryption_protocol\u003e\n      \u003clifetime\u003e28800\u003c/lifetime\u003e\n      \u003cperfect_forward_secrecy\u003egroup2\u003c/perfect_forward_secrecy\u003e\n      \u003cmode\u003emain\u003c/mode\u003e\n      \u003cpre_shared_key\u003eY0D1y2u7xHodIfE0CyB8T5EBruAaiTIJ\u003c/pre_shared_key\u003e\n    \u003c/ike\u003e\n    \u003cipsec\u003e\n      \u003cprotocol\u003eesp\u003c/protocol\u003e\n      \u003cauthentication_protocol\u003ehmac-sha1-96\u003c/authentication_protocol\u003e\n      \u003cencryption_protocol\u003eaes-128-cbc\u003c/encryption_protocol\u003e\n      \u003clifetime\u003e3600\u003c/lifetime\u003e\n      \u003cperfect_forward_secrecy\u003egroup2\u003c/perfect_forward_secrecy\u003e\n      \u003cmode\u003etunnel\u003c/mode\u003e\n      \u003cclear_df_bit\u003etrue\u003c/clear_df_bit\u003e\n      \u003cfragmentation_before_encryption\u003etrue\u003c/fragmentation_before_encryption\u003e\n      \u003ctcp_mss_adjustment\u003e1379\u003c/tcp_mss_adjustment\u003e\n      \u003cdead_peer_detection\u003e\n        \u003cinterval\u003e10\u003c/interval\u003e\n        \u003cretries\u003e3\u003c/retries\u003e\n      \u003c/dead_peer_detection\u003e\n    \u003c/ipsec\u003e\n  \u003c/ipsec_tunnel\u003e\n\u003c/vpn_connection\u003e",
                            "customer_gateway_id": "cgw-d89d76b1",
                            "id": "vpn-d16a79b0",
                            "routes.#": "0",
                            "static_routes_only": "false",
                            "tags.%": "5",
                            "tags.Name": "pipeline-jcx-jive-vpn",
                            "tags.account_name": "jive-microservices-pipeline",
                            "tags.pipeline_phase": "pipeline-jcx",
                            "tags.region": "us-east-1",
                            "tags.sla": "non-prod",
                            "tunnel1_address": "34.203.84.138",
                            "tunnel1_preshared_key": "K5qetxHaeHS.pcE4OAMYnM9E.HYa3M4j",
                            "tunnel2_address": "52.44.122.26",
                            "tunnel2_preshared_key": "Y0D1y2u7xHodIfE0CyB8T5EBruAaiTIJ",
                            "type": "ipsec.1",
                            "vgw_telemetry.#": "2",
                            "vgw_telemetry.2501210121.accepted_route_count": "7",
                            "vgw_telemetry.2501210121.last_status_change": "2017-08-03 19:45:32 +0000 UTC",
                            "vgw_telemetry.2501210121.outside_ip_address": "34.203.84.138",
                            "vgw_telemetry.2501210121.status": "UP",
                            "vgw_telemetry.2501210121.status_message": "7 BGP ROUTES",
                            "vgw_telemetry.4033155161.accepted_route_count": "7",
                            "vgw_telemetry.4033155161.last_status_change": "2017-08-04 02:49:57 +0000 UTC",
                            "vgw_telemetry.4033155161.outside_ip_address": "52.44.122.26",
                            "vgw_telemetry.4033155161.status": "UP",
                            "vgw_telemetry.4033155161.status_message": "7 BGP ROUTES",
                            "vpn_gateway_id": "vgw-a58e65cc"
                        },
                        "meta": {},
                        "tainted": false
                    },
                    "deposed": [],
                    "provider": ""
                },
                "aws_vpn_gateway.vgw": {
                    "type": "aws_vpn_gateway",
                    "depends_on": [
                        "aws_vpc.main"
                    ],
                    "primary": {
                        "id": "vgw-a58e65cc",
                        "attributes": {
                            "id": "vgw-a58e65cc",
                            "tags.%": "7",
                            "tags.Name": "pipeline-jcx-vgw",
                            "tags.account_name": "jive-microservices-pipeline",
                            "tags.jive_service": "infrastructure",
                            "tags.pipeline_phase": "pipeline-jcx",
                            "tags.region": "us-east-1",
                            "tags.service_component": "vpn_gateway",
                            "tags.sla": "non-prod",
                            "vpc_id": "vpc-0344df7a"
                        },
                        "meta": {},
                        "tainted": false
                    },
                    "deposed": [],
                    "provider": ""
                },
                "data.aws_security_group.bastion": {
                    "type": "aws_security_group",
                    "depends_on": [],
                    "primary": {
                        "id": "sg-cd652ebc",
                        "attributes": {
                            "filter.#": "1",
                            "filter.1988431066.name": "tag:jive_service",
                            "filter.1988431066.values.#": "1",
                            "filter.1988431066.values.2480389212": "infrastructure",
                            "id": "sg-cd652ebc",
                            "name": "infra-pipeline-jive-phx-dc",
                            "tags.%": "6",
                            "tags.Name": "infra-pipeline-jive-phx-dc",
                            "tags.account_name": "jive-microservices-pipeline",
                            "tags.jive_service": "infrastructure",
                            "tags.pipeline_phase": "infra-pipeline",
                            "tags.region": "us-east-1",
                            "tags.sla": "non-prod",
                            "vpc_id": "vpc-3ce97245"
                        },
                        "meta": {},
                        "tainted": false
                    },
                    "deposed": [],
                    "provider": ""
                }
            },
            "depends_on": []
        }
    ]
}
