{
    "version": 3,
    "terraform_version": "0.7.13",
    "serial": 0,
    "lineage": "a4c7fed3-e5f0-4142-9649-ca60bb1228d5",
    "modules": [
        {
            "path": [
                "root"
            ],
            "outputs": {},
            "resources": {
                "aws_db_instance.pg-sync-core-test": {
                    "type": "aws_db_instance",
                    "depends_on": [
                        "aws_db_subnet_group.postgres",
                        "aws_security_group.postgres"
                    ],
                    "primary": {
                        "id": "soa-pg-sync-core-ms-test-db1",
                        "attributes": {
                            "address": "soa-pg-sync-core-ms-test-db1.cushyasisipw.us-west-2.rds.amazonaws.com",
                            "allocated_storage": "8",
                            "arn": "arn:aws:rds:us-west-2:811034720611:db:soa-pg-sync-core-ms-test-db1",
                            "auto_minor_version_upgrade": "true",
                            "availability_zone": "us-west-2a",
                            "backup_retention_period": "0",
                            "backup_window": "07:58-08:28",
                            "copy_tags_to_snapshot": "false",
                            "db_subnet_group_name": "soa-pg-sync-core-test-ms-test-group",
                            "endpoint": "soa-pg-sync-core-ms-test-db1.cushyasisipw.us-west-2.rds.amazonaws.com:5432",
                            "engine": "postgres",
                            "engine_version": "9.5.2",
                            "hosted_zone_id": "Z1PVIF0B656C1W",
                            "id": "soa-pg-sync-core-ms-test-db1",
                            "identifier": "soa-pg-sync-core-ms-test-db1",
                            "instance_class": "db.t2.large",
                            "iops": "0",
                            "kms_key_id": "",
                            "license_model": "postgresql-license",
                            "maintenance_window": "tue:09:37-tue:10:07",
                            "monitoring_interval": "0",
                            "multi_az": "false",
                            "name": "sync_core",
                            "option_group_name": "default:postgres-9-5",
                            "parameter_group_name": "rds-postgres-sync-core-param-test",
                            "password": "4\u00260L7$M1mO2l",
                            "port": "5432",
                            "publicly_accessible": "false",
                            "replicas.#": "0",
                            "replicate_source_db": "",
                            "security_group_names.#": "0",
                            "skip_final_snapshot": "true",
                            "status": "available",
                            "storage_encrypted": "false",
                            "storage_type": "standard",
                            "tags.%": "0",
                            "username": "synccore_user",
                            "vpc_security_group_ids.#": "1",
                            "vpc_security_group_ids.3983111208": "sg-aea166d6"
                        },
                        "meta": {},
                        "tainted": false
                    },
                    "deposed": [],
                    "provider": ""
                },
                "aws_db_parameter_group.default": {
                    "type": "aws_db_parameter_group",
                    "depends_on": [],
                    "primary": {
                        "id": "rds-postgres-sync-core-param-test",
                        "attributes": {
                            "arn": "arn:aws:rds:us-west-2:811034720611:pg:rds-postgres-sync-core-param-test",
                            "description": "Managed by Terraform",
                            "family": "postgres9.5",
                            "id": "rds-postgres-sync-core-param-test",
                            "name": "rds-postgres-sync-core-param-test",
                            "parameter.#": "0",
                            "tags.%": "0"
                        },
                        "meta": {},
                        "tainted": false
                    },
                    "deposed": [],
                    "provider": ""
                },
                "aws_db_subnet_group.postgres": {
                    "type": "aws_db_subnet_group",
                    "depends_on": [],
                    "primary": {
                        "id": "soa-pg-sync-core-test-ms-test-group",
                        "attributes": {
                            "arn": "arn:aws:rds:us-west-2:811034720611:subgrp:soa-pg-sync-core-test-ms-test-group",
                            "description": "Managed by Horizon",
                            "id": "soa-pg-sync-core-test-ms-test-group",
                            "name": "soa-pg-sync-core-test-ms-test-group",
                            "subnet_ids.#": "3",
                            "subnet_ids.2207110996": "subnet-ace1e0f5",
                            "subnet_ids.2471563134": "subnet-97fb0fe1",
                            "subnet_ids.4149756770": "subnet-ada073c9",
                            "tags.%": "7",
                            "tags.Name": "pipeline-sync-core-test",
                            "tags.account_name": "jive-microservices-pipeline",
                            "tags.jive_service": "identity",
                            "tags.pipeline_phase": "pipeline",
                            "tags.region": "us-west-2",
                            "tags.service_component": "identity-postgres",
                            "tags.sla": "non-prod"
                        },
                        "meta": {},
                        "tainted": false
                    },
                    "deposed": [],
                    "provider": ""
                },
                "aws_security_group.postgres": {
                    "type": "aws_security_group",
                    "depends_on": [],
                    "primary": {
                        "id": "sg-aea166d6",
                        "attributes": {
                            "description": "Postgres DB access.",
                            "egress.#": "0",
                            "id": "sg-aea166d6",
                            "ingress.#": "1",
                            "ingress.761371496.cidr_blocks.#": "1",
                            "ingress.761371496.cidr_blocks.0": "0.0.0.0/0",
                            "ingress.761371496.from_port": "5432",
                            "ingress.761371496.protocol": "tcp",
                            "ingress.761371496.security_groups.#": "0",
                            "ingress.761371496.self": "false",
                            "ingress.761371496.to_port": "5432",
                            "name": "ms-test-postgres-sync-core-test",
                            "owner_id": "811034720611",
                            "tags.%": "7",
                            "tags.Name": "ms-test-sync_core",
                            "tags.account_name": "jive-microservices-pipeline",
                            "tags.jive_service": "identity",
                            "tags.pipeline_phase": "pipeline",
                            "tags.region": "us-west-2",
                            "tags.service_component": "identity-postgres-sync-core-test",
                            "tags.sla": "non-prod",
                            "vpc_id": "vpc-895e96ed"
                        },
                        "meta": {},
                        "tainted": false
                    },
                    "deposed": [],
                    "provider": ""
                }
            },
            "depends_on": []
        }
    ]
}
