{
    "version": 3,
    "terraform_version": "0.9.2",
    "serial": 17,
    "lineage": "97d7ee89-7f07-4abe-8df6-20c829a7b75c",
    "modules": [
        {
            "path": [
                "root"
            ],
            "outputs": {},
            "resources": {
                "aws_eip.natgw.0": {
                    "type": "aws_eip",
                    "depends_on": [],
                    "primary": {
                        "id": "eipalloc-b8cca1dc",
                        "attributes": {
                            "association_id": "eipassoc-9083caaa",
                            "domain": "vpc",
                            "id": "eipalloc-b8cca1dc",
                            "instance": "",
                            "network_interface": "eni-4fecff75",
                            "private_ip": "10.123.55.26",
                            "public_ip": "52.35.186.213",
                            "vpc": "true"
                        },
                        "meta": {},
                        "tainted": false
                    },
                    "deposed": [],
                    "provider": ""
                },
                "aws_eip.natgw.1": {
                    "type": "aws_eip",
                    "depends_on": [],
                    "primary": {
                        "id": "eipalloc-ae432494",
                        "attributes": {
                            "association_id": "eipassoc-ef8fc6d5",
                            "domain": "vpc",
                            "id": "eipalloc-ae432494",
                            "instance": "",
                            "network_interface": "eni-289a6803",
                            "private_ip": "10.123.55.55",
                            "public_ip": "52.89.143.10",
                            "vpc": "true"
                        },
                        "meta": {},
                        "tainted": false
                    },
                    "deposed": [],
                    "provider": ""
                },
                "aws_eip.natgw.2": {
                    "type": "aws_eip",
                    "depends_on": [],
                    "primary": {
                        "id": "eipalloc-3444230e",
                        "attributes": {
                            "association_id": "eipassoc-898ec7b3",
                            "domain": "vpc",
                            "id": "eipalloc-3444230e",
                            "instance": "",
                            "network_interface": "eni-a58dd4a9",
                            "private_ip": "10.123.55.81",
                            "public_ip": "52.43.238.104",
                            "vpc": "true"
                        },
                        "meta": {},
                        "tainted": false
                    },
                    "deposed": [],
                    "provider": ""
                },
                "aws_internet_gateway.igw": {
                    "type": "aws_internet_gateway",
                    "depends_on": [
                        "aws_vpc.main"
                    ],
                    "primary": {
                        "id": "igw-92c1c5f7",
                        "attributes": {
                            "id": "igw-92c1c5f7",
                            "tags.%": "5",
                            "tags.Name": "test-igw",
                            "tags.account_name": "jive-data-pipeline",
                            "tags.pipeline_phase": "test",
                            "tags.region": "us-west-2",
                            "tags.sla": "non-prod",
                            "vpc_id": "vpc-a69238c2"
                        },
                        "meta": {},
                        "tainted": false
                    },
                    "deposed": [],
                    "provider": ""
                },
                "aws_nat_gateway.natgw.0": {
                    "type": "aws_nat_gateway",
                    "depends_on": [
                        "aws_eip.natgw.*",
                        "aws_internet_gateway.igw",
                        "aws_subnet.public.*"
                    ],
                    "primary": {
                        "id": "nat-01fce5f5b210dbbbf",
                        "attributes": {
                            "allocation_id": "eipalloc-b8cca1dc",
                            "id": "nat-01fce5f5b210dbbbf",
                            "network_interface_id": "eni-4fecff75",
                            "private_ip": "10.123.55.26",
                            "public_ip": "52.35.186.213",
                            "subnet_id": "subnet-5cef242a"
                        },
                        "meta": {},
                        "tainted": false
                    },
                    "deposed": [],
                    "provider": ""
                },
                "aws_nat_gateway.natgw.1": {
                    "type": "aws_nat_gateway",
                    "depends_on": [
                        "aws_eip.natgw.*",
                        "aws_internet_gateway.igw",
                        "aws_subnet.public.*"
                    ],
                    "primary": {
                        "id": "nat-0c4bfbd5f15dbe365",
                        "attributes": {
                            "allocation_id": "eipalloc-ae432494",
                            "id": "nat-0c4bfbd5f15dbe365",
                            "network_interface_id": "eni-289a6803",
                            "private_ip": "10.123.55.55",
                            "public_ip": "52.89.143.10",
                            "subnet_id": "subnet-ce42f4aa"
                        },
                        "meta": {},
                        "tainted": false
                    },
                    "deposed": [],
                    "provider": ""
                },
                "aws_nat_gateway.natgw.2": {
                    "type": "aws_nat_gateway",
                    "depends_on": [
                        "aws_eip.natgw.*",
                        "aws_internet_gateway.igw",
                        "aws_subnet.public.*"
                    ],
                    "primary": {
                        "id": "nat-014c333d81bafc25f",
                        "attributes": {
                            "allocation_id": "eipalloc-3444230e",
                            "id": "nat-014c333d81bafc25f",
                            "network_interface_id": "eni-a58dd4a9",
                            "private_ip": "10.123.55.81",
                            "public_ip": "52.43.238.104",
                            "subnet_id": "subnet-41e4ff18"
                        },
                        "meta": {},
                        "tainted": false
                    },
                    "deposed": [],
                    "provider": ""
                },
                "aws_route.bastion_natdc.0": {
                    "type": "aws_route",
                    "depends_on": [
                        "aws_route_table.natdc.*",
                        "aws_vpc_peering_connection.infra"
                    ],
                    "primary": {
                        "id": "r-rtb-36fd60523727631881",
                        "attributes": {
                            "destination_cidr_block": "10.127.21.7/32",
                            "destination_prefix_list_id": "",
                            "egress_only_gateway_id": "",
                            "gateway_id": "",
                            "id": "r-rtb-36fd60523727631881",
                            "instance_id": "",
                            "instance_owner_id": "",
                            "nat_gateway_id": "",
                            "network_interface_id": "",
                            "origin": "CreateRoute",
                            "route_table_id": "rtb-36fd6052",
                            "state": "active",
                            "vpc_peering_connection_id": "pcx-63a2080a"
                        },
                        "meta": {},
                        "tainted": false
                    },
                    "deposed": [],
                    "provider": ""
                },
                "aws_route.bastion_natdc.1": {
                    "type": "aws_route",
                    "depends_on": [
                        "aws_route_table.natdc.*",
                        "aws_vpc_peering_connection.infra"
                    ],
                    "primary": {
                        "id": "r-rtb-fd79dd9b3727631881",
                        "attributes": {
                            "destination_cidr_block": "10.127.21.7/32",
                            "destination_prefix_list_id": "",
                            "egress_only_gateway_id": "",
                            "gateway_id": "",
                            "id": "r-rtb-fd79dd9b3727631881",
                            "instance_id": "",
                            "instance_owner_id": "",
                            "nat_gateway_id": "",
                            "network_interface_id": "",
                            "origin": "CreateRoute",
                            "route_table_id": "rtb-fd79dd9b",
                            "state": "active",
                            "vpc_peering_connection_id": "pcx-63a2080a"
                        },
                        "meta": {},
                        "tainted": false
                    },
                    "deposed": [],
                    "provider": ""
                },
                "aws_route.bastion_natdc.2": {
                    "type": "aws_route",
                    "depends_on": [
                        "aws_route_table.natdc.*",
                        "aws_vpc_peering_connection.infra"
                    ],
                    "primary": {
                        "id": "r-rtb-4b44e02d3727631881",
                        "attributes": {
                            "destination_cidr_block": "10.127.21.7/32",
                            "destination_prefix_list_id": "",
                            "egress_only_gateway_id": "",
                            "gateway_id": "",
                            "id": "r-rtb-4b44e02d3727631881",
                            "instance_id": "",
                            "instance_owner_id": "",
                            "nat_gateway_id": "",
                            "network_interface_id": "",
                            "origin": "CreateRoute",
                            "route_table_id": "rtb-4b44e02d",
                            "state": "active",
                            "vpc_peering_connection_id": "pcx-63a2080a"
                        },
                        "meta": {},
                        "tainted": false
                    },
                    "deposed": [],
                    "provider": ""
                },
                "aws_route.bastion_private": {
                    "type": "aws_route",
                    "depends_on": [
                        "aws_route_table.private",
                        "aws_vpc_peering_connection.infra"
                    ],
                    "primary": {
                        "id": "r-rtb-9cc25ff83727631881",
                        "attributes": {
                            "destination_cidr_block": "10.127.21.7/32",
                            "destination_prefix_list_id": "",
                            "egress_only_gateway_id": "",
                            "gateway_id": "",
                            "id": "r-rtb-9cc25ff83727631881",
                            "instance_id": "",
                            "instance_owner_id": "",
                            "nat_gateway_id": "",
                            "network_interface_id": "",
                            "origin": "CreateRoute",
                            "route_table_id": "rtb-9cc25ff8",
                            "state": "active",
                            "vpc_peering_connection_id": "pcx-63a2080a"
                        },
                        "meta": {},
                        "tainted": false
                    },
                    "deposed": [],
                    "provider": ""
                },
                "aws_route.bastion_public": {
                    "type": "aws_route",
                    "depends_on": [
                        "aws_route_table.public",
                        "aws_vpc_peering_connection.infra"
                    ],
                    "primary": {
                        "id": "r-rtb-9ec25ffa3727631881",
                        "attributes": {
                            "destination_cidr_block": "10.127.21.7/32",
                            "destination_prefix_list_id": "",
                            "egress_only_gateway_id": "",
                            "gateway_id": "",
                            "id": "r-rtb-9ec25ffa3727631881",
                            "instance_id": "",
                            "instance_owner_id": "",
                            "nat_gateway_id": "",
                            "network_interface_id": "",
                            "origin": "CreateRoute",
                            "route_table_id": "rtb-9ec25ffa",
                            "state": "active",
                            "vpc_peering_connection_id": "pcx-63a2080a"
                        },
                        "meta": {},
                        "tainted": false
                    },
                    "deposed": [],
                    "provider": ""
                },
                "aws_route.infra_natdc.0": {
                    "type": "aws_route",
                    "depends_on": [
                        "aws_vpc_peering_connection.infra"
                    ],
                    "primary": {
                        "id": "r-rtb-e130bc851144795869",
                        "attributes": {
                            "destination_cidr_block": "10.123.52.0/22",
                            "destination_prefix_list_id": "",
                            "egress_only_gateway_id": "",
                            "gateway_id": "",
                            "id": "r-rtb-e130bc851144795869",
                            "instance_id": "",
                            "instance_owner_id": "",
                            "nat_gateway_id": "",
                            "network_interface_id": "",
                            "origin": "CreateRoute",
                            "route_table_id": "rtb-e130bc85",
                            "state": "active",
                            "vpc_peering_connection_id": "pcx-63a2080a"
                        },
                        "meta": {},
                        "tainted": false
                    },
                    "deposed": [],
                    "provider": ""
                },
                "aws_route.infra_natdc.1": {
                    "type": "aws_route",
                    "depends_on": [
                        "aws_vpc_peering_connection.infra"
                    ],
                    "primary": {
                        "id": "r-rtb-6a25fa0c1144795869",
                        "attributes": {
                            "destination_cidr_block": "10.123.52.0/22",
                            "destination_prefix_list_id": "",
                            "egress_only_gateway_id": "",
                            "gateway_id": "",
                            "id": "r-rtb-6a25fa0c1144795869",
                            "instance_id": "",
                            "instance_owner_id": "",
                            "nat_gateway_id": "",
                            "network_interface_id": "",
                            "origin": "CreateRoute",
                            "route_table_id": "rtb-6a25fa0c",
                            "state": "active",
                            "vpc_peering_connection_id": "pcx-63a2080a"
                        },
                        "meta": {},
                        "tainted": false
                    },
                    "deposed": [],
                    "provider": ""
                },
                "aws_route.infra_natdc.2": {
                    "type": "aws_route",
                    "depends_on": [
                        "aws_vpc_peering_connection.infra"
                    ],
                    "primary": {
                        "id": "r-rtb-5321fe351144795869",
                        "attributes": {
                            "destination_cidr_block": "10.123.52.0/22",
                            "destination_prefix_list_id": "",
                            "egress_only_gateway_id": "",
                            "gateway_id": "",
                            "id": "r-rtb-5321fe351144795869",
                            "instance_id": "",
                            "instance_owner_id": "",
                            "nat_gateway_id": "",
                            "network_interface_id": "",
                            "origin": "CreateRoute",
                            "route_table_id": "rtb-5321fe35",
                            "state": "active",
                            "vpc_peering_connection_id": "pcx-63a2080a"
                        },
                        "meta": {},
                        "tainted": false
                    },
                    "deposed": [],
                    "provider": ""
                },
                "aws_route.infra_private": {
                    "type": "aws_route",
                    "depends_on": [
                        "aws_vpc_peering_connection.infra"
                    ],
                    "primary": {
                        "id": "r-rtb-58e66a3c1144795869",
                        "attributes": {
                            "destination_cidr_block": "10.123.52.0/22",
                            "destination_prefix_list_id": "",
                            "egress_only_gateway_id": "",
                            "gateway_id": "",
                            "id": "r-rtb-58e66a3c1144795869",
                            "instance_id": "",
                            "instance_owner_id": "",
                            "nat_gateway_id": "",
                            "network_interface_id": "",
                            "origin": "CreateRoute",
                            "route_table_id": "rtb-58e66a3c",
                            "state": "active",
                            "vpc_peering_connection_id": "pcx-63a2080a"
                        },
                        "meta": {},
                        "tainted": false
                    },
                    "deposed": [],
                    "provider": ""
                },
                "aws_route.infra_public": {
                    "type": "aws_route",
                    "depends_on": [
                        "aws_vpc_peering_connection.infra"
                    ],
                    "primary": {
                        "id": "r-rtb-5ae66a3e1144795869",
                        "attributes": {
                            "destination_cidr_block": "10.123.52.0/22",
                            "destination_prefix_list_id": "",
                            "egress_only_gateway_id": "",
                            "gateway_id": "",
                            "id": "r-rtb-5ae66a3e1144795869",
                            "instance_id": "",
                            "instance_owner_id": "",
                            "nat_gateway_id": "",
                            "network_interface_id": "",
                            "origin": "CreateRoute",
                            "route_table_id": "rtb-5ae66a3e",
                            "state": "active",
                            "vpc_peering_connection_id": "pcx-63a2080a"
                        },
                        "meta": {},
                        "tainted": false
                    },
                    "deposed": [],
                    "provider": ""
                },
                "aws_route.microservices_jcx_natdc.0": {
                    "type": "aws_route",
                    "depends_on": [
                        "aws_route_table.natdc.*"
                    ],
                    "primary": {
                        "id": "r-rtb-36fd60521526251058",
                        "attributes": {
                            "destination_cidr_block": "10.122.64.0/20",
                            "destination_prefix_list_id": "",
                            "egress_only_gateway_id": "",
                            "gateway_id": "",
                            "id": "r-rtb-36fd60521526251058",
                            "instance_id": "",
                            "instance_owner_id": "",
                            "nat_gateway_id": "",
                            "network_interface_id": "",
                            "origin": "CreateRoute",
                            "route_table_id": "rtb-36fd6052",
                            "state": "active",
                            "vpc_peering_connection_id": "pcx-d4fe40bd"
                        },
                        "meta": {},
                        "tainted": false
                    },
                    "deposed": [],
                    "provider": ""
                },
                "aws_route.microservices_jcx_natdc.1": {
                    "type": "aws_route",
                    "depends_on": [
                        "aws_route_table.natdc.*"
                    ],
                    "primary": {
                        "id": "r-rtb-fd79dd9b1526251058",
                        "attributes": {
                            "destination_cidr_block": "10.122.64.0/20",
                            "destination_prefix_list_id": "",
                            "egress_only_gateway_id": "",
                            "gateway_id": "",
                            "id": "r-rtb-fd79dd9b1526251058",
                            "instance_id": "",
                            "instance_owner_id": "",
                            "nat_gateway_id": "",
                            "network_interface_id": "",
                            "origin": "CreateRoute",
                            "route_table_id": "rtb-fd79dd9b",
                            "state": "active",
                            "vpc_peering_connection_id": "pcx-d4fe40bd"
                        },
                        "meta": {},
                        "tainted": false
                    },
                    "deposed": [],
                    "provider": ""
                },
                "aws_route.microservices_jcx_natdc.2": {
                    "type": "aws_route",
                    "depends_on": [
                        "aws_route_table.natdc.*"
                    ],
                    "primary": {
                        "id": "r-rtb-4b44e02d1526251058",
                        "attributes": {
                            "destination_cidr_block": "10.122.64.0/20",
                            "destination_prefix_list_id": "",
                            "egress_only_gateway_id": "",
                            "gateway_id": "",
                            "id": "r-rtb-4b44e02d1526251058",
                            "instance_id": "",
                            "instance_owner_id": "",
                            "nat_gateway_id": "",
                            "network_interface_id": "",
                            "origin": "CreateRoute",
                            "route_table_id": "rtb-4b44e02d",
                            "state": "active",
                            "vpc_peering_connection_id": "pcx-d4fe40bd"
                        },
                        "meta": {},
                        "tainted": false
                    },
                    "deposed": [],
                    "provider": ""
                },
                "aws_route.microservices_jcx_private": {
                    "type": "aws_route",
                    "depends_on": [
                        "aws_route_table.private"
                    ],
                    "primary": {
                        "id": "r-rtb-9cc25ff81526251058",
                        "attributes": {
                            "destination_cidr_block": "10.122.64.0/20",
                            "destination_prefix_list_id": "",
                            "egress_only_gateway_id": "",
                            "gateway_id": "",
                            "id": "r-rtb-9cc25ff81526251058",
                            "instance_id": "",
                            "instance_owner_id": "",
                            "nat_gateway_id": "",
                            "network_interface_id": "",
                            "origin": "CreateRoute",
                            "route_table_id": "rtb-9cc25ff8",
                            "state": "active",
                            "vpc_peering_connection_id": "pcx-d4fe40bd"
                        },
                        "meta": {},
                        "tainted": false
                    },
                    "deposed": [],
                    "provider": ""
                },
                "aws_route.microservices_jcx_public": {
                    "type": "aws_route",
                    "depends_on": [
                        "aws_route_table.public"
                    ],
                    "primary": {
                        "id": "r-rtb-9ec25ffa1526251058",
                        "attributes": {
                            "destination_cidr_block": "10.122.64.0/20",
                            "destination_prefix_list_id": "",
                            "egress_only_gateway_id": "",
                            "gateway_id": "",
                            "id": "r-rtb-9ec25ffa1526251058",
                            "instance_id": "",
                            "instance_owner_id": "",
                            "nat_gateway_id": "",
                            "network_interface_id": "",
                            "origin": "CreateRoute",
                            "route_table_id": "rtb-9ec25ffa",
                            "state": "active",
                            "vpc_peering_connection_id": "pcx-d4fe40bd"
                        },
                        "meta": {},
                        "tainted": false
                    },
                    "deposed": [],
                    "provider": ""
                },
                "aws_route.microservices_natdc.0": {
                    "type": "aws_route",
                    "depends_on": [
                        "aws_route_table.natdc.*"
                    ],
                    "primary": {
                        "id": "r-rtb-36fd60522125723008",
                        "attributes": {
                            "destination_cidr_block": "10.124.0.0/20",
                            "destination_prefix_list_id": "",
                            "egress_only_gateway_id": "",
                            "gateway_id": "",
                            "id": "r-rtb-36fd60522125723008",
                            "instance_id": "",
                            "instance_owner_id": "",
                            "nat_gateway_id": "",
                            "network_interface_id": "",
                            "origin": "CreateRoute",
                            "route_table_id": "rtb-36fd6052",
                            "state": "active",
                            "vpc_peering_connection_id": "pcx-3599285c"
                        },
                        "meta": {},
                        "tainted": false
                    },
                    "deposed": [],
                    "provider": ""
                },
                "aws_route.microservices_natdc.1": {
                    "type": "aws_route",
                    "depends_on": [
                        "aws_route_table.natdc.*"
                    ],
                    "primary": {
                        "id": "r-rtb-fd79dd9b2125723008",
                        "attributes": {
                            "destination_cidr_block": "10.124.0.0/20",
                            "destination_prefix_list_id": "",
                            "egress_only_gateway_id": "",
                            "gateway_id": "",
                            "id": "r-rtb-fd79dd9b2125723008",
                            "instance_id": "",
                            "instance_owner_id": "",
                            "nat_gateway_id": "",
                            "network_interface_id": "",
                            "origin": "CreateRoute",
                            "route_table_id": "rtb-fd79dd9b",
                            "state": "active",
                            "vpc_peering_connection_id": "pcx-3599285c"
                        },
                        "meta": {},
                        "tainted": false
                    },
                    "deposed": [],
                    "provider": ""
                },
                "aws_route.microservices_natdc.2": {
                    "type": "aws_route",
                    "depends_on": [
                        "aws_route_table.natdc.*"
                    ],
                    "primary": {
                        "id": "r-rtb-4b44e02d2125723008",
                        "attributes": {
                            "destination_cidr_block": "10.124.0.0/20",
                            "destination_prefix_list_id": "",
                            "egress_only_gateway_id": "",
                            "gateway_id": "",
                            "id": "r-rtb-4b44e02d2125723008",
                            "instance_id": "",
                            "instance_owner_id": "",
                            "nat_gateway_id": "",
                            "network_interface_id": "",
                            "origin": "CreateRoute",
                            "route_table_id": "rtb-4b44e02d",
                            "state": "active",
                            "vpc_peering_connection_id": "pcx-3599285c"
                        },
                        "meta": {},
                        "tainted": false
                    },
                    "deposed": [],
                    "provider": ""
                },
                "aws_route.microservices_private": {
                    "type": "aws_route",
                    "depends_on": [
                        "aws_route_table.private"
                    ],
                    "primary": {
                        "id": "r-rtb-9cc25ff82125723008",
                        "attributes": {
                            "destination_cidr_block": "10.124.0.0/20",
                            "destination_prefix_list_id": "",
                            "egress_only_gateway_id": "",
                            "gateway_id": "",
                            "id": "r-rtb-9cc25ff82125723008",
                            "instance_id": "",
                            "instance_owner_id": "",
                            "nat_gateway_id": "",
                            "network_interface_id": "",
                            "origin": "CreateRoute",
                            "route_table_id": "rtb-9cc25ff8",
                            "state": "active",
                            "vpc_peering_connection_id": "pcx-3599285c"
                        },
                        "meta": {},
                        "tainted": false
                    },
                    "deposed": [],
                    "provider": ""
                },
                "aws_route.microservices_public": {
                    "type": "aws_route",
                    "depends_on": [
                        "aws_route_table.public"
                    ],
                    "primary": {
                        "id": "r-rtb-9ec25ffa2125723008",
                        "attributes": {
                            "destination_cidr_block": "10.124.0.0/20",
                            "destination_prefix_list_id": "",
                            "egress_only_gateway_id": "",
                            "gateway_id": "",
                            "id": "r-rtb-9ec25ffa2125723008",
                            "instance_id": "",
                            "instance_owner_id": "",
                            "nat_gateway_id": "",
                            "network_interface_id": "",
                            "origin": "CreateRoute",
                            "route_table_id": "rtb-9ec25ffa",
                            "state": "active",
                            "vpc_peering_connection_id": "pcx-3599285c"
                        },
                        "meta": {},
                        "tainted": false
                    },
                    "deposed": [],
                    "provider": ""
                },
                "aws_route53_zone_association.route53": {
                    "type": "aws_route53_zone_association",
                    "depends_on": [
                        "aws_vpc.main"
                    ],
                    "primary": {
                        "id": "Z3AIHK7L8DPDVB:vpc-a69238c2",
                        "attributes": {
                            "id": "Z3AIHK7L8DPDVB:vpc-a69238c2",
                            "vpc_id": "vpc-a69238c2",
                            "vpc_region": "us-west-2",
                            "zone_id": "Z3AIHK7L8DPDVB"
                        },
                        "meta": {},
                        "tainted": false
                    },
                    "deposed": [],
                    "provider": ""
                },
                "aws_route_table.natdc.0": {
                    "type": "aws_route_table",
                    "depends_on": [
                        "aws_nat_gateway.natgw.*",
                        "aws_vpc.main",
                        "aws_vpn_gateway.vgw"
                    ],
                    "primary": {
                        "id": "rtb-36fd6052",
                        "attributes": {
                            "id": "rtb-36fd6052",
                            "propagating_vgws.#": "1",
                            "propagating_vgws.1332858573": "vgw-23a37a3d",
                            "route.#": "4",
                            "route.1551780043.cidr_block": "10.122.64.0/20",
                            "route.1551780043.egress_only_gateway_id": "",
                            "route.1551780043.gateway_id": "",
                            "route.1551780043.instance_id": "",
                            "route.1551780043.ipv6_cidr_block": "",
                            "route.1551780043.nat_gateway_id": "",
                            "route.1551780043.network_interface_id": "",
                            "route.1551780043.vpc_peering_connection_id": "pcx-d4fe40bd",
                            "route.2576535563.cidr_block": "0.0.0.0/0",
                            "route.2576535563.egress_only_gateway_id": "",
                            "route.2576535563.gateway_id": "",
                            "route.2576535563.instance_id": "",
                            "route.2576535563.ipv6_cidr_block": "",
                            "route.2576535563.nat_gateway_id": "nat-01fce5f5b210dbbbf",
                            "route.2576535563.network_interface_id": "",
                            "route.2576535563.vpc_peering_connection_id": "",
                            "route.3376168938.cidr_block": "10.124.0.0/20",
                            "route.3376168938.egress_only_gateway_id": "",
                            "route.3376168938.gateway_id": "",
                            "route.3376168938.instance_id": "",
                            "route.3376168938.ipv6_cidr_block": "",
                            "route.3376168938.nat_gateway_id": "",
                            "route.3376168938.network_interface_id": "",
                            "route.3376168938.vpc_peering_connection_id": "pcx-3599285c",
                            "route.4111108540.cidr_block": "10.127.21.7/32",
                            "route.4111108540.egress_only_gateway_id": "",
                            "route.4111108540.gateway_id": "",
                            "route.4111108540.instance_id": "",
                            "route.4111108540.ipv6_cidr_block": "",
                            "route.4111108540.nat_gateway_id": "",
                            "route.4111108540.network_interface_id": "",
                            "route.4111108540.vpc_peering_connection_id": "pcx-63a2080a",
                            "tags.%": "5",
                            "tags.Name": "test-natdc-routetable",
                            "tags.account_name": "jive-data-pipeline",
                            "tags.pipeline_phase": "test",
                            "tags.region": "us-west-2",
                            "tags.sla": "non-prod",
                            "vpc_id": "vpc-a69238c2"
                        },
                        "meta": {},
                        "tainted": false
                    },
                    "deposed": [],
                    "provider": ""
                },
                "aws_route_table.natdc.1": {
                    "type": "aws_route_table",
                    "depends_on": [
                        "aws_nat_gateway.natgw.*",
                        "aws_vpc.main",
                        "aws_vpn_gateway.vgw"
                    ],
                    "primary": {
                        "id": "rtb-fd79dd9b",
                        "attributes": {
                            "id": "rtb-fd79dd9b",
                            "propagating_vgws.#": "1",
                            "propagating_vgws.1332858573": "vgw-23a37a3d",
                            "route.#": "4",
                            "route.1551780043.cidr_block": "10.122.64.0/20",
                            "route.1551780043.egress_only_gateway_id": "",
                            "route.1551780043.gateway_id": "",
                            "route.1551780043.instance_id": "",
                            "route.1551780043.ipv6_cidr_block": "",
                            "route.1551780043.nat_gateway_id": "",
                            "route.1551780043.network_interface_id": "",
                            "route.1551780043.vpc_peering_connection_id": "pcx-d4fe40bd",
                            "route.3376168938.cidr_block": "10.124.0.0/20",
                            "route.3376168938.egress_only_gateway_id": "",
                            "route.3376168938.gateway_id": "",
                            "route.3376168938.instance_id": "",
                            "route.3376168938.ipv6_cidr_block": "",
                            "route.3376168938.nat_gateway_id": "",
                            "route.3376168938.network_interface_id": "",
                            "route.3376168938.vpc_peering_connection_id": "pcx-3599285c",
                            "route.344907381.cidr_block": "0.0.0.0/0",
                            "route.344907381.egress_only_gateway_id": "",
                            "route.344907381.gateway_id": "",
                            "route.344907381.instance_id": "",
                            "route.344907381.ipv6_cidr_block": "",
                            "route.344907381.nat_gateway_id": "nat-0c4bfbd5f15dbe365",
                            "route.344907381.network_interface_id": "",
                            "route.344907381.vpc_peering_connection_id": "",
                            "route.4111108540.cidr_block": "10.127.21.7/32",
                            "route.4111108540.egress_only_gateway_id": "",
                            "route.4111108540.gateway_id": "",
                            "route.4111108540.instance_id": "",
                            "route.4111108540.ipv6_cidr_block": "",
                            "route.4111108540.nat_gateway_id": "",
                            "route.4111108540.network_interface_id": "",
                            "route.4111108540.vpc_peering_connection_id": "pcx-63a2080a",
                            "tags.%": "5",
                            "tags.Name": "test-natdc-routetable",
                            "tags.account_name": "jive-data-pipeline",
                            "tags.pipeline_phase": "test",
                            "tags.region": "us-west-2",
                            "tags.sla": "non-prod",
                            "vpc_id": "vpc-a69238c2"
                        },
                        "meta": {},
                        "tainted": false
                    },
                    "deposed": [],
                    "provider": ""
                },
                "aws_route_table.natdc.2": {
                    "type": "aws_route_table",
                    "depends_on": [
                        "aws_nat_gateway.natgw.*",
                        "aws_vpc.main",
                        "aws_vpn_gateway.vgw"
                    ],
                    "primary": {
                        "id": "rtb-4b44e02d",
                        "attributes": {
                            "id": "rtb-4b44e02d",
                            "propagating_vgws.#": "1",
                            "propagating_vgws.1332858573": "vgw-23a37a3d",
                            "route.#": "4",
                            "route.1551780043.cidr_block": "10.122.64.0/20",
                            "route.1551780043.egress_only_gateway_id": "",
                            "route.1551780043.gateway_id": "",
                            "route.1551780043.instance_id": "",
                            "route.1551780043.ipv6_cidr_block": "",
                            "route.1551780043.nat_gateway_id": "",
                            "route.1551780043.network_interface_id": "",
                            "route.1551780043.vpc_peering_connection_id": "pcx-d4fe40bd",
                            "route.3376168938.cidr_block": "10.124.0.0/20",
                            "route.3376168938.egress_only_gateway_id": "",
                            "route.3376168938.gateway_id": "",
                            "route.3376168938.instance_id": "",
                            "route.3376168938.ipv6_cidr_block": "",
                            "route.3376168938.nat_gateway_id": "",
                            "route.3376168938.network_interface_id": "",
                            "route.3376168938.vpc_peering_connection_id": "pcx-3599285c",
                            "route.3701801585.cidr_block": "0.0.0.0/0",
                            "route.3701801585.egress_only_gateway_id": "",
                            "route.3701801585.gateway_id": "",
                            "route.3701801585.instance_id": "",
                            "route.3701801585.ipv6_cidr_block": "",
                            "route.3701801585.nat_gateway_id": "nat-014c333d81bafc25f",
                            "route.3701801585.network_interface_id": "",
                            "route.3701801585.vpc_peering_connection_id": "",
                            "route.4111108540.cidr_block": "10.127.21.7/32",
                            "route.4111108540.egress_only_gateway_id": "",
                            "route.4111108540.gateway_id": "",
                            "route.4111108540.instance_id": "",
                            "route.4111108540.ipv6_cidr_block": "",
                            "route.4111108540.nat_gateway_id": "",
                            "route.4111108540.network_interface_id": "",
                            "route.4111108540.vpc_peering_connection_id": "pcx-63a2080a",
                            "tags.%": "5",
                            "tags.Name": "test-natdc-routetable",
                            "tags.account_name": "jive-data-pipeline",
                            "tags.pipeline_phase": "test",
                            "tags.region": "us-west-2",
                            "tags.sla": "non-prod",
                            "vpc_id": "vpc-a69238c2"
                        },
                        "meta": {},
                        "tainted": false
                    },
                    "deposed": [],
                    "provider": ""
                },
                "aws_route_table.private": {
                    "type": "aws_route_table",
                    "depends_on": [
                        "aws_vpc.main"
                    ],
                    "primary": {
                        "id": "rtb-9cc25ff8",
                        "attributes": {
                            "id": "rtb-9cc25ff8",
                            "propagating_vgws.#": "0",
                            "route.#": "3",
                            "route.1551780043.cidr_block": "10.122.64.0/20",
                            "route.1551780043.egress_only_gateway_id": "",
                            "route.1551780043.gateway_id": "",
                            "route.1551780043.instance_id": "",
                            "route.1551780043.ipv6_cidr_block": "",
                            "route.1551780043.nat_gateway_id": "",
                            "route.1551780043.network_interface_id": "",
                            "route.1551780043.vpc_peering_connection_id": "pcx-d4fe40bd",
                            "route.3376168938.cidr_block": "10.124.0.0/20",
                            "route.3376168938.egress_only_gateway_id": "",
                            "route.3376168938.gateway_id": "",
                            "route.3376168938.instance_id": "",
                            "route.3376168938.ipv6_cidr_block": "",
                            "route.3376168938.nat_gateway_id": "",
                            "route.3376168938.network_interface_id": "",
                            "route.3376168938.vpc_peering_connection_id": "pcx-3599285c",
                            "route.4111108540.cidr_block": "10.127.21.7/32",
                            "route.4111108540.egress_only_gateway_id": "",
                            "route.4111108540.gateway_id": "",
                            "route.4111108540.instance_id": "",
                            "route.4111108540.ipv6_cidr_block": "",
                            "route.4111108540.nat_gateway_id": "",
                            "route.4111108540.network_interface_id": "",
                            "route.4111108540.vpc_peering_connection_id": "pcx-63a2080a",
                            "tags.%": "5",
                            "tags.Name": "test-private-routetable",
                            "tags.account_name": "jive-data-pipeline",
                            "tags.pipeline_phase": "test",
                            "tags.region": "us-west-2",
                            "tags.sla": "non-prod",
                            "vpc_id": "vpc-a69238c2"
                        },
                        "meta": {},
                        "tainted": false
                    },
                    "deposed": [],
                    "provider": ""
                },
                "aws_route_table.public": {
                    "type": "aws_route_table",
                    "depends_on": [
                        "aws_internet_gateway.igw",
                        "aws_vpc.main"
                    ],
                    "primary": {
                        "id": "rtb-9ec25ffa",
                        "attributes": {
                            "id": "rtb-9ec25ffa",
                            "propagating_vgws.#": "0",
                            "route.#": "4",
                            "route.1551780043.cidr_block": "10.122.64.0/20",
                            "route.1551780043.egress_only_gateway_id": "",
                            "route.1551780043.gateway_id": "",
                            "route.1551780043.instance_id": "",
                            "route.1551780043.ipv6_cidr_block": "",
                            "route.1551780043.nat_gateway_id": "",
                            "route.1551780043.network_interface_id": "",
                            "route.1551780043.vpc_peering_connection_id": "pcx-d4fe40bd",
                            "route.1806361968.cidr_block": "0.0.0.0/0",
                            "route.1806361968.egress_only_gateway_id": "",
                            "route.1806361968.gateway_id": "igw-92c1c5f7",
                            "route.1806361968.instance_id": "",
                            "route.1806361968.ipv6_cidr_block": "",
                            "route.1806361968.nat_gateway_id": "",
                            "route.1806361968.network_interface_id": "",
                            "route.1806361968.vpc_peering_connection_id": "",
                            "route.3376168938.cidr_block": "10.124.0.0/20",
                            "route.3376168938.egress_only_gateway_id": "",
                            "route.3376168938.gateway_id": "",
                            "route.3376168938.instance_id": "",
                            "route.3376168938.ipv6_cidr_block": "",
                            "route.3376168938.nat_gateway_id": "",
                            "route.3376168938.network_interface_id": "",
                            "route.3376168938.vpc_peering_connection_id": "pcx-3599285c",
                            "route.4111108540.cidr_block": "10.127.21.7/32",
                            "route.4111108540.egress_only_gateway_id": "",
                            "route.4111108540.gateway_id": "",
                            "route.4111108540.instance_id": "",
                            "route.4111108540.ipv6_cidr_block": "",
                            "route.4111108540.nat_gateway_id": "",
                            "route.4111108540.network_interface_id": "",
                            "route.4111108540.vpc_peering_connection_id": "pcx-63a2080a",
                            "tags.%": "6",
                            "tags.KubernetesCluster": "us-west-2_jive-data-pipeline",
                            "tags.Name": "test-public-routetable",
                            "tags.account_name": "jive-data-pipeline",
                            "tags.pipeline_phase": "test",
                            "tags.region": "us-west-2",
                            "tags.sla": "non-prod",
                            "vpc_id": "vpc-a69238c2"
                        },
                        "meta": {},
                        "tainted": false
                    },
                    "deposed": [],
                    "provider": ""
                },
                "aws_route_table_association.natdc.0": {
                    "type": "aws_route_table_association",
                    "depends_on": [
                        "aws_route_table.natdc.*",
                        "aws_subnet.natdc.*"
                    ],
                    "primary": {
                        "id": "rtbassoc-1f528066",
                        "attributes": {
                            "id": "rtbassoc-1f528066",
                            "route_table_id": "rtb-36fd6052",
                            "subnet_id": "subnet-5def242b"
                        },
                        "meta": {},
                        "tainted": false
                    },
                    "deposed": [],
                    "provider": ""
                },
                "aws_route_table_association.natdc.1": {
                    "type": "aws_route_table_association",
                    "depends_on": [
                        "aws_route_table.natdc.*",
                        "aws_subnet.natdc.*"
                    ],
                    "primary": {
                        "id": "rtbassoc-9f5684e6",
                        "attributes": {
                            "id": "rtbassoc-9f5684e6",
                            "route_table_id": "rtb-fd79dd9b",
                            "subnet_id": "subnet-cb42f4af"
                        },
                        "meta": {},
                        "tainted": false
                    },
                    "deposed": [],
                    "provider": ""
                },
                "aws_route_table_association.natdc.2": {
                    "type": "aws_route_table_association",
                    "depends_on": [
                        "aws_route_table.natdc.*",
                        "aws_subnet.natdc.*"
                    ],
                    "primary": {
                        "id": "rtbassoc-2754865e",
                        "attributes": {
                            "id": "rtbassoc-2754865e",
                            "route_table_id": "rtb-4b44e02d",
                            "subnet_id": "subnet-47e4ff1e"
                        },
                        "meta": {},
                        "tainted": false
                    },
                    "deposed": [],
                    "provider": ""
                },
                "aws_route_table_association.private.0": {
                    "type": "aws_route_table_association",
                    "depends_on": [
                        "aws_route_table.private",
                        "aws_subnet.private"
                    ],
                    "primary": {
                        "id": "rtbassoc-fb53559f",
                        "attributes": {
                            "id": "rtbassoc-fb53559f",
                            "route_table_id": "rtb-9cc25ff8",
                            "subnet_id": "subnet-46ef2430"
                        },
                        "meta": {},
                        "tainted": false
                    },
                    "deposed": [],
                    "provider": ""
                },
                "aws_route_table_association.private.1": {
                    "type": "aws_route_table_association",
                    "depends_on": [
                        "aws_route_table.private",
                        "aws_subnet.private"
                    ],
                    "primary": {
                        "id": "rtbassoc-fa53559e",
                        "attributes": {
                            "id": "rtbassoc-fa53559e",
                            "route_table_id": "rtb-9cc25ff8",
                            "subnet_id": "subnet-ca42f4ae"
                        },
                        "meta": {},
                        "tainted": false
                    },
                    "deposed": [],
                    "provider": ""
                },
                "aws_route_table_association.private.2": {
                    "type": "aws_route_table_association",
                    "depends_on": [
                        "aws_route_table.private",
                        "aws_subnet.private"
                    ],
                    "primary": {
                        "id": "rtbassoc-f953559d",
                        "attributes": {
                            "id": "rtbassoc-f953559d",
                            "route_table_id": "rtb-9cc25ff8",
                            "subnet_id": "subnet-40e4ff19"
                        },
                        "meta": {},
                        "tainted": false
                    },
                    "deposed": [],
                    "provider": ""
                },
                "aws_route_table_association.public.0": {
                    "type": "aws_route_table_association",
                    "depends_on": [
                        "aws_route_table.public",
                        "aws_subnet.public"
                    ],
                    "primary": {
                        "id": "rtbassoc-c15355a5",
                        "attributes": {
                            "id": "rtbassoc-c15355a5",
                            "route_table_id": "rtb-9ec25ffa",
                            "subnet_id": "subnet-5cef242a"
                        },
                        "meta": {},
                        "tainted": false
                    },
                    "deposed": [],
                    "provider": ""
                },
                "aws_route_table_association.public.1": {
                    "type": "aws_route_table_association",
                    "depends_on": [
                        "aws_route_table.public",
                        "aws_subnet.public"
                    ],
                    "primary": {
                        "id": "rtbassoc-c05355a4",
                        "attributes": {
                            "id": "rtbassoc-c05355a4",
                            "route_table_id": "rtb-9ec25ffa",
                            "subnet_id": "subnet-ce42f4aa"
                        },
                        "meta": {},
                        "tainted": false
                    },
                    "deposed": [],
                    "provider": ""
                },
                "aws_route_table_association.public.2": {
                    "type": "aws_route_table_association",
                    "depends_on": [
                        "aws_route_table.public",
                        "aws_subnet.public"
                    ],
                    "primary": {
                        "id": "rtbassoc-c25355a6",
                        "attributes": {
                            "id": "rtbassoc-c25355a6",
                            "route_table_id": "rtb-9ec25ffa",
                            "subnet_id": "subnet-41e4ff18"
                        },
                        "meta": {},
                        "tainted": false
                    },
                    "deposed": [],
                    "provider": ""
                },
                "aws_security_group.admin_instance": {
                    "type": "aws_security_group",
                    "depends_on": [
                        "aws_vpc.main"
                    ],
                    "primary": {
                        "id": "sg-09cac26e",
                        "attributes": {
                            "description": "Admin instances for the VPC",
                            "egress.#": "0",
                            "id": "sg-09cac26e",
                            "ingress.#": "0",
                            "name": "test-admin-instance",
                            "owner_id": "999547976641",
                            "tags.%": "5",
                            "tags.Name": "test-admin-instance",
                            "tags.account_name": "jive-data-pipeline",
                            "tags.pipeline_phase": "test",
                            "tags.region": "us-west-2",
                            "tags.sla": "non-prod",
                            "vpc_id": "vpc-a69238c2"
                        },
                        "meta": {},
                        "tainted": false
                    },
                    "deposed": [],
                    "provider": ""
                },
                "aws_security_group.env_instance": {
                    "type": "aws_security_group",
                    "depends_on": [
                        "aws_vpc.main",
                        "data.aws_security_group.bastion"
                    ],
                    "primary": {
                        "id": "sg-1ecac279",
                        "attributes": {
                            "description": "All instances within the evironment",
                            "egress.#": "1",
                            "egress.482069346.cidr_blocks.#": "1",
                            "egress.482069346.cidr_blocks.0": "0.0.0.0/0",
                            "egress.482069346.from_port": "0",
                            "egress.482069346.ipv6_cidr_blocks.#": "0",
                            "egress.482069346.prefix_list_ids.#": "0",
                            "egress.482069346.protocol": "-1",
                            "egress.482069346.security_groups.#": "0",
                            "egress.482069346.self": "false",
                            "egress.482069346.to_port": "0",
                            "id": "sg-1ecac279",
                            "ingress.#": "2",
                            "ingress.1616525203.cidr_blocks.#": "0",
                            "ingress.1616525203.from_port": "22",
                            "ingress.1616525203.ipv6_cidr_blocks.#": "0",
                            "ingress.1616525203.protocol": "tcp",
                            "ingress.1616525203.security_groups.#": "1",
                            "ingress.1616525203.security_groups.3194146414": "sg-b17346d6",
                            "ingress.1616525203.self": "false",
                            "ingress.1616525203.to_port": "22",
                            "ingress.3710838832.cidr_blocks.#": "0",
                            "ingress.3710838832.from_port": "8",
                            "ingress.3710838832.ipv6_cidr_blocks.#": "0",
                            "ingress.3710838832.protocol": "icmp",
                            "ingress.3710838832.security_groups.#": "1",
                            "ingress.3710838832.security_groups.3194146414": "sg-b17346d6",
                            "ingress.3710838832.self": "false",
                            "ingress.3710838832.to_port": "0",
                            "name": "test-instance",
                            "owner_id": "999547976641",
                            "tags.%": "5",
                            "tags.Name": "test-instance",
                            "tags.account_name": "jive-data-pipeline",
                            "tags.pipeline_phase": "test",
                            "tags.region": "us-west-2",
                            "tags.sla": "non-prod",
                            "vpc_id": "vpc-a69238c2"
                        },
                        "meta": {},
                        "tainted": false
                    },
                    "deposed": [],
                    "provider": ""
                },
                "aws_security_group.natgw_instance": {
                    "type": "aws_security_group",
                    "depends_on": [
                        "aws_security_group.env_instance",
                        "aws_vpc.main"
                    ],
                    "primary": {
                        "id": "sg-959411ee",
                        "attributes": {
                            "description": "Members of this SG are allowed to send any type of traffic to the NAT Box.",
                            "egress.#": "0",
                            "id": "sg-959411ee",
                            "ingress.#": "1",
                            "ingress.3277676840.cidr_blocks.#": "0",
                            "ingress.3277676840.from_port": "0",
                            "ingress.3277676840.ipv6_cidr_blocks.#": "0",
                            "ingress.3277676840.protocol": "-1",
                            "ingress.3277676840.security_groups.#": "1",
                            "ingress.3277676840.security_groups.929541476": "sg-1ecac279",
                            "ingress.3277676840.self": "false",
                            "ingress.3277676840.to_port": "0",
                            "name": "test-natgw-instance",
                            "owner_id": "999547976641",
                            "tags.%": "5",
                            "tags.Name": "test-natgw-instance",
                            "tags.account_name": "jive-data-pipeline",
                            "tags.pipeline_phase": "test",
                            "tags.region": "us-west-2",
                            "tags.sla": "non-prod",
                            "vpc_id": "vpc-a69238c2"
                        },
                        "meta": {},
                        "tainted": false
                    },
                    "deposed": [],
                    "provider": ""
                },
                "aws_subnet.natdc.0": {
                    "type": "aws_subnet",
                    "depends_on": [
                        "aws_vpc.main"
                    ],
                    "primary": {
                        "id": "subnet-5def242b",
                        "attributes": {
                            "assign_ipv6_address_on_creation": "false",
                            "availability_zone": "us-west-2a",
                            "cidr_block": "10.123.52.0/24",
                            "id": "subnet-5def242b",
                            "map_public_ip_on_launch": "false",
                            "tags.%": "7",
                            "tags.KubernetesCluster": "us-west-2_jive-data-pipeline",
                            "tags.Name": "test-natdc-subnet",
                            "tags.account_name": "jive-data-pipeline",
                            "tags.kubernetes.io/role/internal-elb": "us-west-2_jive-data-pipeline",
                            "tags.pipeline_phase": "test",
                            "tags.region": "us-west-2",
                            "tags.sla": "non-prod",
                            "vpc_id": "vpc-a69238c2"
                        },
                        "meta": {},
                        "tainted": false
                    },
                    "deposed": [],
                    "provider": ""
                },
                "aws_subnet.natdc.1": {
                    "type": "aws_subnet",
                    "depends_on": [
                        "aws_vpc.main"
                    ],
                    "primary": {
                        "id": "subnet-cb42f4af",
                        "attributes": {
                            "assign_ipv6_address_on_creation": "false",
                            "availability_zone": "us-west-2b",
                            "cidr_block": "10.123.53.0/24",
                            "id": "subnet-cb42f4af",
                            "map_public_ip_on_launch": "false",
                            "tags.%": "7",
                            "tags.KubernetesCluster": "us-west-2_jive-data-pipeline",
                            "tags.Name": "test-natdc-subnet",
                            "tags.account_name": "jive-data-pipeline",
                            "tags.kubernetes.io/role/internal-elb": "us-west-2_jive-data-pipeline",
                            "tags.pipeline_phase": "test",
                            "tags.region": "us-west-2",
                            "tags.sla": "non-prod",
                            "vpc_id": "vpc-a69238c2"
                        },
                        "meta": {},
                        "tainted": false
                    },
                    "deposed": [],
                    "provider": ""
                },
                "aws_subnet.natdc.2": {
                    "type": "aws_subnet",
                    "depends_on": [
                        "aws_vpc.main"
                    ],
                    "primary": {
                        "id": "subnet-47e4ff1e",
                        "attributes": {
                            "assign_ipv6_address_on_creation": "false",
                            "availability_zone": "us-west-2c",
                            "cidr_block": "10.123.54.0/24",
                            "id": "subnet-47e4ff1e",
                            "map_public_ip_on_launch": "false",
                            "tags.%": "7",
                            "tags.KubernetesCluster": "us-west-2_jive-data-pipeline",
                            "tags.Name": "test-natdc-subnet",
                            "tags.account_name": "jive-data-pipeline",
                            "tags.kubernetes.io/role/internal-elb": "us-west-2_jive-data-pipeline",
                            "tags.pipeline_phase": "test",
                            "tags.region": "us-west-2",
                            "tags.sla": "non-prod",
                            "vpc_id": "vpc-a69238c2"
                        },
                        "meta": {},
                        "tainted": false
                    },
                    "deposed": [],
                    "provider": ""
                },
                "aws_subnet.private.0": {
                    "type": "aws_subnet",
                    "depends_on": [
                        "aws_vpc.main"
                    ],
                    "primary": {
                        "id": "subnet-46ef2430",
                        "attributes": {
                            "assign_ipv6_address_on_creation": "false",
                            "availability_zone": "us-west-2a",
                            "cidr_block": "10.123.55.96/27",
                            "id": "subnet-46ef2430",
                            "map_public_ip_on_launch": "false",
                            "tags.%": "5",
                            "tags.Name": "test-private-subnet",
                            "tags.account_name": "jive-data-pipeline",
                            "tags.pipeline_phase": "test",
                            "tags.region": "us-west-2",
                            "tags.sla": "non-prod",
                            "vpc_id": "vpc-a69238c2"
                        },
                        "meta": {},
                        "tainted": false
                    },
                    "deposed": [],
                    "provider": ""
                },
                "aws_subnet.private.1": {
                    "type": "aws_subnet",
                    "depends_on": [
                        "aws_vpc.main"
                    ],
                    "primary": {
                        "id": "subnet-ca42f4ae",
                        "attributes": {
                            "assign_ipv6_address_on_creation": "false",
                            "availability_zone": "us-west-2b",
                            "cidr_block": "10.123.55.128/27",
                            "id": "subnet-ca42f4ae",
                            "map_public_ip_on_launch": "false",
                            "tags.%": "5",
                            "tags.Name": "test-private-subnet",
                            "tags.account_name": "jive-data-pipeline",
                            "tags.pipeline_phase": "test",
                            "tags.region": "us-west-2",
                            "tags.sla": "non-prod",
                            "vpc_id": "vpc-a69238c2"
                        },
                        "meta": {},
                        "tainted": false
                    },
                    "deposed": [],
                    "provider": ""
                },
                "aws_subnet.private.2": {
                    "type": "aws_subnet",
                    "depends_on": [
                        "aws_vpc.main"
                    ],
                    "primary": {
                        "id": "subnet-40e4ff19",
                        "attributes": {
                            "assign_ipv6_address_on_creation": "false",
                            "availability_zone": "us-west-2c",
                            "cidr_block": "10.123.55.160/27",
                            "id": "subnet-40e4ff19",
                            "map_public_ip_on_launch": "false",
                            "tags.%": "5",
                            "tags.Name": "test-private-subnet",
                            "tags.account_name": "jive-data-pipeline",
                            "tags.pipeline_phase": "test",
                            "tags.region": "us-west-2",
                            "tags.sla": "non-prod",
                            "vpc_id": "vpc-a69238c2"
                        },
                        "meta": {},
                        "tainted": false
                    },
                    "deposed": [],
                    "provider": ""
                },
                "aws_subnet.public.0": {
                    "type": "aws_subnet",
                    "depends_on": [
                        "aws_vpc.main"
                    ],
                    "primary": {
                        "id": "subnet-5cef242a",
                        "attributes": {
                            "assign_ipv6_address_on_creation": "false",
                            "availability_zone": "us-west-2a",
                            "cidr_block": "10.123.55.0/27",
                            "id": "subnet-5cef242a",
                            "map_public_ip_on_launch": "false",
                            "tags.%": "6",
                            "tags.KubernetesCluster": "us-west-2_jive-data-pipeline",
                            "tags.Name": "test-public-subnet",
                            "tags.account_name": "jive-data-pipeline",
                            "tags.pipeline_phase": "test",
                            "tags.region": "us-west-2",
                            "tags.sla": "non-prod",
                            "vpc_id": "vpc-a69238c2"
                        },
                        "meta": {},
                        "tainted": false
                    },
                    "deposed": [],
                    "provider": ""
                },
                "aws_subnet.public.1": {
                    "type": "aws_subnet",
                    "depends_on": [
                        "aws_vpc.main"
                    ],
                    "primary": {
                        "id": "subnet-ce42f4aa",
                        "attributes": {
                            "assign_ipv6_address_on_creation": "false",
                            "availability_zone": "us-west-2b",
                            "cidr_block": "10.123.55.32/27",
                            "id": "subnet-ce42f4aa",
                            "map_public_ip_on_launch": "false",
                            "tags.%": "6",
                            "tags.KubernetesCluster": "us-west-2_jive-data-pipeline",
                            "tags.Name": "test-public-subnet",
                            "tags.account_name": "jive-data-pipeline",
                            "tags.pipeline_phase": "test",
                            "tags.region": "us-west-2",
                            "tags.sla": "non-prod",
                            "vpc_id": "vpc-a69238c2"
                        },
                        "meta": {},
                        "tainted": false
                    },
                    "deposed": [],
                    "provider": ""
                },
                "aws_subnet.public.2": {
                    "type": "aws_subnet",
                    "depends_on": [
                        "aws_vpc.main"
                    ],
                    "primary": {
                        "id": "subnet-41e4ff18",
                        "attributes": {
                            "assign_ipv6_address_on_creation": "false",
                            "availability_zone": "us-west-2c",
                            "cidr_block": "10.123.55.64/27",
                            "id": "subnet-41e4ff18",
                            "map_public_ip_on_launch": "false",
                            "tags.%": "6",
                            "tags.KubernetesCluster": "us-west-2_jive-data-pipeline",
                            "tags.Name": "test-public-subnet",
                            "tags.account_name": "jive-data-pipeline",
                            "tags.pipeline_phase": "test",
                            "tags.region": "us-west-2",
                            "tags.sla": "non-prod",
                            "vpc_id": "vpc-a69238c2"
                        },
                        "meta": {},
                        "tainted": false
                    },
                    "deposed": [],
                    "provider": ""
                },
                "aws_vpc.main": {
                    "type": "aws_vpc",
                    "depends_on": [],
                    "primary": {
                        "id": "vpc-a69238c2",
                        "attributes": {
                            "assign_generated_ipv6_cidr_block": "false",
                            "cidr_block": "10.123.52.0/22",
                            "default_network_acl_id": "acl-2efb7c4a",
                            "default_route_table_id": "rtb-88c25fec",
                            "default_security_group_id": "sg-06cac261",
                            "dhcp_options_id": "dopt-ba1a66df",
                            "enable_classiclink": "false",
                            "enable_dns_hostnames": "true",
                            "enable_dns_support": "true",
                            "id": "vpc-a69238c2",
                            "instance_tenancy": "default",
                            "main_route_table_id": "rtb-88c25fec",
                            "tags.%": "5",
                            "tags.Name": "test-vpc",
                            "tags.account_name": "jive-data-pipeline",
                            "tags.pipeline_phase": "test",
                            "tags.region": "us-west-2",
                            "tags.sla": "non-prod"
                        },
                        "meta": {
                            "schema_version": "1"
                        },
                        "tainted": false
                    },
                    "deposed": [],
                    "provider": ""
                },
                "aws_vpc_peering_connection.infra": {
                    "type": "aws_vpc_peering_connection",
                    "depends_on": [
                        "aws_vpc.main"
                    ],
                    "primary": {
                        "id": "pcx-63a2080a",
                        "attributes": {
                            "accept_status": "active",
                            "accepter.#": "1",
                            "accepter.3244290774.allow_classic_link_to_remote_vpc": "false",
                            "accepter.3244290774.allow_remote_vpc_dns_resolution": "false",
                            "accepter.3244290774.allow_vpc_to_remote_classic_link": "false",
                            "auto_accept": "true",
                            "id": "pcx-63a2080a",
                            "peer_owner_id": "999547976641",
                            "peer_vpc_id": "vpc-f467c090",
                            "requester.#": "1",
                            "requester.3244290774.allow_classic_link_to_remote_vpc": "false",
                            "requester.3244290774.allow_remote_vpc_dns_resolution": "false",
                            "requester.3244290774.allow_vpc_to_remote_classic_link": "false",
                            "tags.%": "5",
                            "tags.Name": "test_to_infra-jive-data-pipeline",
                            "tags.account_name": "jive-data-pipeline",
                            "tags.pipeline_phase": "test",
                            "tags.region": "us-west-2",
                            "tags.sla": "non-prod",
                            "vpc_id": "vpc-a69238c2"
                        },
                        "meta": {},
                        "tainted": false
                    },
                    "deposed": [],
                    "provider": ""
                },
                "aws_vpn_gateway.vgw": {
                    "type": "aws_vpn_gateway",
                    "depends_on": [
                        "aws_vpc.main"
                    ],
                    "primary": {
                        "id": "vgw-23a37a3d",
                        "attributes": {
                            "availability_zone": "",
                            "id": "vgw-23a37a3d",
                            "tags.%": "7",
                            "tags.Name": "test-vgw",
                            "tags.account_name": "jive-data-pipeline",
                            "tags.jive_service": "infrastructure",
                            "tags.pipeline_phase": "test",
                            "tags.region": "us-west-2",
                            "tags.service_component": "vpn_gateway",
                            "tags.sla": "non-prod",
                            "vpc_id": "vpc-a69238c2"
                        },
                        "meta": {},
                        "tainted": false
                    },
                    "deposed": [],
                    "provider": ""
                },
                "data.aws_security_group.bastion": {
                    "type": "aws_security_group",
                    "depends_on": [],
                    "primary": {
                        "id": "sg-b17346d6",
                        "attributes": {
                            "filter.#": "1",
                            "filter.1988431066.name": "tag:jive_service",
                            "filter.1988431066.values.#": "1",
                            "filter.1988431066.values.2480389212": "infrastructure",
                            "id": "sg-b17346d6",
                            "name": "infra-pipeline-jive-phx-dc",
                            "tags.%": "6",
                            "tags.Name": "infra-pipeline-jive-phx-dc",
                            "tags.account_name": "jive-data-pipeline",
                            "tags.jive_service": "infrastructure",
                            "tags.pipeline_phase": "infra-pipeline",
                            "tags.region": "us-west-2",
                            "tags.sla": "non-prod",
                            "vpc_id": "vpc-f467c090"
                        },
                        "meta": {},
                        "tainted": false
                    },
                    "deposed": [],
                    "provider": ""
                }
            },
            "depends_on": []
        }
    ]
}
