{
    "version": 3,
    "terraform_version": "0.9.4",
    "serial": 14,
    "lineage": "47b26afb-4a86-4616-83eb-0f59d3e739e8",
    "modules": [
        {
            "path": [
                "root"
            ],
            "outputs": {},
            "resources": {
                "aws_autoscaling_group.k8s_etcd_asg.0": {
                    "type": "aws_autoscaling_group",
                    "depends_on": [
                        "aws_eip.k8s_etcd_eip.*",
                        "aws_launch_configuration.k8s_etcd",
                        "data.aws_subnet.natdc.*",
                        "null_resource.k8s_cluster"
                    ],
                    "primary": {
                        "id": "pipeline-k8s-etcd-asg1",
                        "attributes": {
                            "arn": "arn:aws:autoscaling:us-east-1:811034720611:autoScalingGroup:aece4dc0-c03d-4ec1-89a5-d1188ddec9ed:autoScalingGroupName/pipeline-k8s-etcd-asg1",
                            "availability_zones.#": "1",
                            "availability_zones.3569565595": "us-east-1a",
                            "default_cooldown": "300",
                            "desired_capacity": "1",
                            "force_delete": "false",
                            "health_check_grace_period": "300",
                            "health_check_type": "EC2",
                            "id": "pipeline-k8s-etcd-asg1",
                            "launch_configuration": "terraform-0067e7555b547bb40141402f5c",
                            "load_balancers.#": "0",
                            "max_size": "1",
                            "metrics_granularity": "1Minute",
                            "min_size": "1",
                            "name": "pipeline-k8s-etcd-asg1",
                            "placement_group": "",
                            "protect_from_scale_in": "false",
                            "suspended_processes.#": "0",
                            "tag.#": "10",
                            "tag.226440278.key": "Jive_service",
                            "tag.226440278.propagate_at_launch": "true",
                            "tag.226440278.value": "us-east-1_jive-microservices-pipeline",
                            "tag.2651257388.key": "Region",
                            "tag.2651257388.propagate_at_launch": "true",
                            "tag.2651257388.value": "us-east-1",
                            "tag.2758700363.key": "Hostname",
                            "tag.2758700363.propagate_at_launch": "true",
                            "tag.2758700363.value": "us-east-1_jive-microservices-pipeline-etcd1",
                            "tag.2957669699.key": "Pipeline_phase",
                            "tag.2957669699.propagate_at_launch": "true",
                            "tag.2957669699.value": "pipeline",
                            "tag.3157447458.key": "K8s_cluster",
                            "tag.3157447458.propagate_at_launch": "true",
                            "tag.3157447458.value": "us-east-1_jive-microservices-pipeline",
                            "tag.3187119633.key": "Service_component",
                            "tag.3187119633.propagate_at_launch": "true",
                            "tag.3187119633.value": "etcd",
                            "tag.366694841.key": "Etcd_ip",
                            "tag.366694841.propagate_at_launch": "true",
                            "tag.366694841.value": "10.125.1.230",
                            "tag.3767096825.key": "SLA",
                            "tag.3767096825.propagate_at_launch": "true",
                            "tag.3767096825.value": "non-prod",
                            "tag.4147140775.key": "KubernetesCluster",
                            "tag.4147140775.propagate_at_launch": "true",
                            "tag.4147140775.value": "us-east-1_jive-microservices-pipeline",
                            "tag.528337943.key": "Name",
                            "tag.528337943.propagate_at_launch": "true",
                            "tag.528337943.value": "pipeline-k8s-etcd-instance",
                            "target_group_arns.#": "0",
                            "termination_policies.#": "0",
                            "vpc_zone_identifier.#": "1",
                            "vpc_zone_identifier.2131822842": "subnet-6d26c709",
                            "wait_for_capacity_timeout": "10m"
                        },
                        "meta": {},
                        "tainted": false
                    },
                    "deposed": [],
                    "provider": ""
                },
                "aws_autoscaling_group.k8s_etcd_asg.1": {
                    "type": "aws_autoscaling_group",
                    "depends_on": [
                        "aws_eip.k8s_etcd_eip.*",
                        "aws_launch_configuration.k8s_etcd",
                        "data.aws_subnet.natdc.*",
                        "null_resource.k8s_cluster"
                    ],
                    "primary": {
                        "id": "pipeline-k8s-etcd-asg2",
                        "attributes": {
                            "arn": "arn:aws:autoscaling:us-east-1:811034720611:autoScalingGroup:ea3c79bd-e416-4a1b-b3bb-602b7caff1e2:autoScalingGroupName/pipeline-k8s-etcd-asg2",
                            "availability_zones.#": "1",
                            "availability_zones.1305112097": "us-east-1b",
                            "default_cooldown": "300",
                            "desired_capacity": "1",
                            "force_delete": "false",
                            "health_check_grace_period": "300",
                            "health_check_type": "EC2",
                            "id": "pipeline-k8s-etcd-asg2",
                            "launch_configuration": "terraform-0067e7555b547bb40141402f5c",
                            "load_balancers.#": "0",
                            "max_size": "1",
                            "metrics_granularity": "1Minute",
                            "min_size": "1",
                            "name": "pipeline-k8s-etcd-asg2",
                            "placement_group": "",
                            "protect_from_scale_in": "false",
                            "suspended_processes.#": "0",
                            "tag.#": "10",
                            "tag.226440278.key": "Jive_service",
                            "tag.226440278.propagate_at_launch": "true",
                            "tag.226440278.value": "us-east-1_jive-microservices-pipeline",
                            "tag.2508617686.key": "Hostname",
                            "tag.2508617686.propagate_at_launch": "true",
                            "tag.2508617686.value": "us-east-1_jive-microservices-pipeline-etcd2",
                            "tag.2651257388.key": "Region",
                            "tag.2651257388.propagate_at_launch": "true",
                            "tag.2651257388.value": "us-east-1",
                            "tag.2957669699.key": "Pipeline_phase",
                            "tag.2957669699.propagate_at_launch": "true",
                            "tag.2957669699.value": "pipeline",
                            "tag.2999466082.key": "Etcd_ip",
                            "tag.2999466082.propagate_at_launch": "true",
                            "tag.2999466082.value": "10.125.6.178",
                            "tag.3157447458.key": "K8s_cluster",
                            "tag.3157447458.propagate_at_launch": "true",
                            "tag.3157447458.value": "us-east-1_jive-microservices-pipeline",
                            "tag.3187119633.key": "Service_component",
                            "tag.3187119633.propagate_at_launch": "true",
                            "tag.3187119633.value": "etcd",
                            "tag.3767096825.key": "SLA",
                            "tag.3767096825.propagate_at_launch": "true",
                            "tag.3767096825.value": "non-prod",
                            "tag.4147140775.key": "KubernetesCluster",
                            "tag.4147140775.propagate_at_launch": "true",
                            "tag.4147140775.value": "us-east-1_jive-microservices-pipeline",
                            "tag.528337943.key": "Name",
                            "tag.528337943.propagate_at_launch": "true",
                            "tag.528337943.value": "pipeline-k8s-etcd-instance",
                            "target_group_arns.#": "0",
                            "termination_policies.#": "0",
                            "vpc_zone_identifier.#": "1",
                            "vpc_zone_identifier.3003894335": "subnet-85ba29a9",
                            "wait_for_capacity_timeout": "10m"
                        },
                        "meta": {},
                        "tainted": false
                    },
                    "deposed": [],
                    "provider": ""
                },
                "aws_autoscaling_group.k8s_etcd_asg.2": {
                    "type": "aws_autoscaling_group",
                    "depends_on": [
                        "aws_eip.k8s_etcd_eip.*",
                        "aws_launch_configuration.k8s_etcd",
                        "data.aws_subnet.natdc.*",
                        "null_resource.k8s_cluster"
                    ],
                    "primary": {
                        "id": "pipeline-k8s-etcd-asg3",
                        "attributes": {
                            "arn": "arn:aws:autoscaling:us-east-1:811034720611:autoScalingGroup:f9dbbe0d-e8ed-4ad4-8ad2-2e8903890cd7:autoScalingGroupName/pipeline-k8s-etcd-asg3",
                            "availability_zones.#": "1",
                            "availability_zones.986537655": "us-east-1c",
                            "default_cooldown": "300",
                            "desired_capacity": "1",
                            "force_delete": "false",
                            "health_check_grace_period": "300",
                            "health_check_type": "EC2",
                            "id": "pipeline-k8s-etcd-asg3",
                            "launch_configuration": "terraform-0067e7555b547bb40141402f5c",
                            "load_balancers.#": "0",
                            "max_size": "1",
                            "metrics_granularity": "1Minute",
                            "min_size": "1",
                            "name": "pipeline-k8s-etcd-asg3",
                            "placement_group": "",
                            "protect_from_scale_in": "false",
                            "suspended_processes.#": "0",
                            "tag.#": "10",
                            "tag.226440278.key": "Jive_service",
                            "tag.226440278.propagate_at_launch": "true",
                            "tag.226440278.value": "us-east-1_jive-microservices-pipeline",
                            "tag.2651257388.key": "Region",
                            "tag.2651257388.propagate_at_launch": "true",
                            "tag.2651257388.value": "us-east-1",
                            "tag.2957669699.key": "Pipeline_phase",
                            "tag.2957669699.propagate_at_launch": "true",
                            "tag.2957669699.value": "pipeline",
                            "tag.3157447458.key": "K8s_cluster",
                            "tag.3157447458.propagate_at_launch": "true",
                            "tag.3157447458.value": "us-east-1_jive-microservices-pipeline",
                            "tag.3187119633.key": "Service_component",
                            "tag.3187119633.propagate_at_launch": "true",
                            "tag.3187119633.value": "etcd",
                            "tag.3767096825.key": "SLA",
                            "tag.3767096825.propagate_at_launch": "true",
                            "tag.3767096825.value": "non-prod",
                            "tag.4147140775.key": "KubernetesCluster",
                            "tag.4147140775.propagate_at_launch": "true",
                            "tag.4147140775.value": "us-east-1_jive-microservices-pipeline",
                            "tag.528337943.key": "Name",
                            "tag.528337943.propagate_at_launch": "true",
                            "tag.528337943.value": "pipeline-k8s-etcd-instance",
                            "tag.871464034.key": "Hostname",
                            "tag.871464034.propagate_at_launch": "true",
                            "tag.871464034.value": "us-east-1_jive-microservices-pipeline-etcd3",
                            "tag.933505649.key": "Etcd_ip",
                            "tag.933505649.propagate_at_launch": "true",
                            "tag.933505649.value": "10.125.8.229",
                            "target_group_arns.#": "0",
                            "termination_policies.#": "0",
                            "vpc_zone_identifier.#": "1",
                            "vpc_zone_identifier.2195640464": "subnet-2239736a",
                            "wait_for_capacity_timeout": "10m"
                        },
                        "meta": {},
                        "tainted": false
                    },
                    "deposed": [],
                    "provider": ""
                },
                "aws_autoscaling_group.k8s_etcd_asg.3": {
                    "type": "aws_autoscaling_group",
                    "depends_on": [
                        "aws_eip.k8s_etcd_eip.*",
                        "aws_launch_configuration.k8s_etcd",
                        "data.aws_subnet.natdc.*",
                        "null_resource.k8s_cluster"
                    ],
                    "primary": {
                        "id": "pipeline-k8s-etcd-asg4",
                        "attributes": {
                            "arn": "arn:aws:autoscaling:us-east-1:811034720611:autoScalingGroup:230ce76a-788d-4845-95b3-35ad86cbeb05:autoScalingGroupName/pipeline-k8s-etcd-asg4",
                            "availability_zones.#": "1",
                            "availability_zones.2762590996": "us-east-1d",
                            "default_cooldown": "300",
                            "desired_capacity": "1",
                            "force_delete": "false",
                            "health_check_grace_period": "300",
                            "health_check_type": "EC2",
                            "id": "pipeline-k8s-etcd-asg4",
                            "launch_configuration": "terraform-0067e7555b547bb40141402f5c",
                            "load_balancers.#": "0",
                            "max_size": "1",
                            "metrics_granularity": "1Minute",
                            "min_size": "1",
                            "name": "pipeline-k8s-etcd-asg4",
                            "placement_group": "",
                            "protect_from_scale_in": "false",
                            "suspended_processes.#": "0",
                            "tag.#": "10",
                            "tag.1916445821.key": "Etcd_ip",
                            "tag.1916445821.propagate_at_launch": "true",
                            "tag.1916445821.value": "10.125.13.28",
                            "tag.226440278.key": "Jive_service",
                            "tag.226440278.propagate_at_launch": "true",
                            "tag.226440278.value": "us-east-1_jive-microservices-pipeline",
                            "tag.2651257388.key": "Region",
                            "tag.2651257388.propagate_at_launch": "true",
                            "tag.2651257388.value": "us-east-1",
                            "tag.2957669699.key": "Pipeline_phase",
                            "tag.2957669699.propagate_at_launch": "true",
                            "tag.2957669699.value": "pipeline",
                            "tag.3157447458.key": "K8s_cluster",
                            "tag.3157447458.propagate_at_launch": "true",
                            "tag.3157447458.value": "us-east-1_jive-microservices-pipeline",
                            "tag.3187119633.key": "Service_component",
                            "tag.3187119633.propagate_at_launch": "true",
                            "tag.3187119633.value": "etcd",
                            "tag.3767096825.key": "SLA",
                            "tag.3767096825.propagate_at_launch": "true",
                            "tag.3767096825.value": "non-prod",
                            "tag.4132848364.key": "Hostname",
                            "tag.4132848364.propagate_at_launch": "true",
                            "tag.4132848364.value": "us-east-1_jive-microservices-pipeline-etcd4",
                            "tag.4147140775.key": "KubernetesCluster",
                            "tag.4147140775.propagate_at_launch": "true",
                            "tag.4147140775.value": "us-east-1_jive-microservices-pipeline",
                            "tag.528337943.key": "Name",
                            "tag.528337943.propagate_at_launch": "true",
                            "tag.528337943.value": "pipeline-k8s-etcd-instance",
                            "target_group_arns.#": "0",
                            "termination_policies.#": "0",
                            "vpc_zone_identifier.#": "1",
                            "vpc_zone_identifier.69049090": "subnet-dd53d887",
                            "wait_for_capacity_timeout": "10m"
                        },
                        "meta": {},
                        "tainted": false
                    },
                    "deposed": [],
                    "provider": ""
                },
                "aws_autoscaling_group.k8s_etcd_asg.4": {
                    "type": "aws_autoscaling_group",
                    "depends_on": [
                        "aws_eip.k8s_etcd_eip.*",
                        "aws_launch_configuration.k8s_etcd",
                        "data.aws_subnet.natdc.*",
                        "null_resource.k8s_cluster"
                    ],
                    "primary": {
                        "id": "pipeline-k8s-etcd-asg5",
                        "attributes": {
                            "arn": "arn:aws:autoscaling:us-east-1:811034720611:autoScalingGroup:a84f1983-33d5-46d1-b7a5-651a58bad9b8:autoScalingGroupName/pipeline-k8s-etcd-asg5",
                            "availability_zones.#": "1",
                            "availability_zones.3551460226": "us-east-1e",
                            "default_cooldown": "300",
                            "desired_capacity": "1",
                            "force_delete": "false",
                            "health_check_grace_period": "300",
                            "health_check_type": "EC2",
                            "id": "pipeline-k8s-etcd-asg5",
                            "launch_configuration": "terraform-0067e7555b547bb40141402f5c",
                            "load_balancers.#": "0",
                            "max_size": "1",
                            "metrics_granularity": "1Minute",
                            "min_size": "1",
                            "name": "pipeline-k8s-etcd-asg5",
                            "placement_group": "",
                            "protect_from_scale_in": "false",
                            "suspended_processes.#": "0",
                            "tag.#": "10",
                            "tag.1344358744.key": "Hostname",
                            "tag.1344358744.propagate_at_launch": "true",
                            "tag.1344358744.value": "us-east-1_jive-microservices-pipeline-etcd5",
                            "tag.2201788281.key": "Etcd_ip",
                            "tag.2201788281.propagate_at_launch": "true",
                            "tag.2201788281.value": "10.125.17.158",
                            "tag.226440278.key": "Jive_service",
                            "tag.226440278.propagate_at_launch": "true",
                            "tag.226440278.value": "us-east-1_jive-microservices-pipeline",
                            "tag.2651257388.key": "Region",
                            "tag.2651257388.propagate_at_launch": "true",
                            "tag.2651257388.value": "us-east-1",
                            "tag.2957669699.key": "Pipeline_phase",
                            "tag.2957669699.propagate_at_launch": "true",
                            "tag.2957669699.value": "pipeline",
                            "tag.3157447458.key": "K8s_cluster",
                            "tag.3157447458.propagate_at_launch": "true",
                            "tag.3157447458.value": "us-east-1_jive-microservices-pipeline",
                            "tag.3187119633.key": "Service_component",
                            "tag.3187119633.propagate_at_launch": "true",
                            "tag.3187119633.value": "etcd",
                            "tag.3767096825.key": "SLA",
                            "tag.3767096825.propagate_at_launch": "true",
                            "tag.3767096825.value": "non-prod",
                            "tag.4147140775.key": "KubernetesCluster",
                            "tag.4147140775.propagate_at_launch": "true",
                            "tag.4147140775.value": "us-east-1_jive-microservices-pipeline",
                            "tag.528337943.key": "Name",
                            "tag.528337943.propagate_at_launch": "true",
                            "tag.528337943.value": "pipeline-k8s-etcd-instance",
                            "target_group_arns.#": "0",
                            "termination_policies.#": "0",
                            "vpc_zone_identifier.#": "1",
                            "vpc_zone_identifier.2741055991": "subnet-b115168d",
                            "wait_for_capacity_timeout": "10m"
                        },
                        "meta": {},
                        "tainted": false
                    },
                    "deposed": [],
                    "provider": ""
                },
                "aws_autoscaling_group.k8s_master": {
                    "type": "aws_autoscaling_group",
                    "depends_on": [
                        "aws_elb.k8s_master",
                        "aws_launch_configuration.k8s_master",
                        "null_resource.k8s_cluster"
                    ],
                    "primary": {
                        "id": "pipeline-k8s-master-asg1",
                        "attributes": {
                            "arn": "arn:aws:autoscaling:us-east-1:811034720611:autoScalingGroup:46439ca8-c63c-4ce4-9c9c-d1482c6fb86a:autoScalingGroupName/pipeline-k8s-master-asg1",
                            "availability_zones.#": "1",
                            "availability_zones.3569565595": "us-east-1a",
                            "default_cooldown": "300",
                            "desired_capacity": "1",
                            "force_delete": "false",
                            "health_check_grace_period": "300",
                            "health_check_type": "EC2",
                            "id": "pipeline-k8s-master-asg1",
                            "launch_configuration": "terraform-0067e7555b547bb40141402f5d",
                            "load_balancers.#": "1",
                            "load_balancers.1572528977": "pipeline-k8s-master-elb",
                            "max_size": "1",
                            "metrics_granularity": "1Minute",
                            "min_size": "1",
                            "name": "pipeline-k8s-master-asg1",
                            "placement_group": "",
                            "protect_from_scale_in": "false",
                            "suspended_processes.#": "0",
                            "tag.#": "9",
                            "tag.114212053.key": "Name",
                            "tag.114212053.propagate_at_launch": "true",
                            "tag.114212053.value": "pipeline-k8s-master-instance",
                            "tag.226440278.key": "Jive_service",
                            "tag.226440278.propagate_at_launch": "true",
                            "tag.226440278.value": "us-east-1_jive-microservices-pipeline",
                            "tag.2651257388.key": "Region",
                            "tag.2651257388.propagate_at_launch": "true",
                            "tag.2651257388.value": "us-east-1",
                            "tag.2712722173.key": "Hostname",
                            "tag.2712722173.propagate_at_launch": "true",
                            "tag.2712722173.value": "us-east-1_jive-microservices-pipeline-master1",
                            "tag.2957669699.key": "Pipeline_phase",
                            "tag.2957669699.propagate_at_launch": "true",
                            "tag.2957669699.value": "pipeline",
                            "tag.3116370667.key": "Service_component",
                            "tag.3116370667.propagate_at_launch": "true",
                            "tag.3116370667.value": "k8s-master",
                            "tag.3157447458.key": "K8s_cluster",
                            "tag.3157447458.propagate_at_launch": "true",
                            "tag.3157447458.value": "us-east-1_jive-microservices-pipeline",
                            "tag.3767096825.key": "SLA",
                            "tag.3767096825.propagate_at_launch": "true",
                            "tag.3767096825.value": "non-prod",
                            "tag.4147140775.key": "KubernetesCluster",
                            "tag.4147140775.propagate_at_launch": "true",
                            "tag.4147140775.value": "us-east-1_jive-microservices-pipeline",
                            "target_group_arns.#": "0",
                            "termination_policies.#": "0",
                            "vpc_zone_identifier.#": "1",
                            "vpc_zone_identifier.2131822842": "subnet-6d26c709",
                            "wait_for_capacity_timeout": "10m"
                        },
                        "meta": {},
                        "tainted": false
                    },
                    "deposed": [],
                    "provider": ""
                },
                "aws_autoscaling_group.k8s_worker_asg.0": {
                    "type": "aws_autoscaling_group",
                    "depends_on": [
                        "aws_launch_configuration.k8s_worker",
                        "null_resource.k8s_cluster"
                    ],
                    "primary": {
                        "id": "pipeline-k8s-worker-asg1",
                        "attributes": {
                            "arn": "arn:aws:autoscaling:us-east-1:811034720611:autoScalingGroup:e23c91e6-07bd-4e0f-b698-851b59d680b8:autoScalingGroupName/pipeline-k8s-worker-asg1",
                            "availability_zones.#": "1",
                            "availability_zones.3569565595": "us-east-1a",
                            "default_cooldown": "300",
                            "desired_capacity": "2",
                            "force_delete": "false",
                            "health_check_grace_period": "300",
                            "health_check_type": "EC2",
                            "id": "pipeline-k8s-worker-asg1",
                            "launch_configuration": "terraform-006e5579e2f32cb127b7491bc4",
                            "load_balancers.#": "0",
                            "max_size": "2",
                            "metrics_granularity": "1Minute",
                            "min_size": "2",
                            "name": "pipeline-k8s-worker-asg1",
                            "placement_group": "",
                            "protect_from_scale_in": "false",
                            "suspended_processes.#": "0",
                            "tag.#": "9",
                            "tag.2157698622.key": "Hostname",
                            "tag.2157698622.propagate_at_launch": "true",
                            "tag.2157698622.value": "k8s-node1",
                            "tag.226440278.key": "Jive_service",
                            "tag.226440278.propagate_at_launch": "true",
                            "tag.226440278.value": "us-east-1_jive-microservices-pipeline",
                            "tag.228639812.key": "Service_component",
                            "tag.228639812.propagate_at_launch": "true",
                            "tag.228639812.value": "k8s-node",
                            "tag.2598016381.key": "Name",
                            "tag.2598016381.propagate_at_launch": "true",
                            "tag.2598016381.value": "pipeline-k8s-worker-instance",
                            "tag.2651257388.key": "Region",
                            "tag.2651257388.propagate_at_launch": "true",
                            "tag.2651257388.value": "us-east-1",
                            "tag.2957669699.key": "Pipeline_phase",
                            "tag.2957669699.propagate_at_launch": "true",
                            "tag.2957669699.value": "pipeline",
                            "tag.3157447458.key": "K8s_cluster",
                            "tag.3157447458.propagate_at_launch": "true",
                            "tag.3157447458.value": "us-east-1_jive-microservices-pipeline",
                            "tag.3767096825.key": "SLA",
                            "tag.3767096825.propagate_at_launch": "true",
                            "tag.3767096825.value": "non-prod",
                            "tag.4147140775.key": "KubernetesCluster",
                            "tag.4147140775.propagate_at_launch": "true",
                            "tag.4147140775.value": "us-east-1_jive-microservices-pipeline",
                            "target_group_arns.#": "0",
                            "termination_policies.#": "0",
                            "vpc_zone_identifier.#": "1",
                            "vpc_zone_identifier.2131822842": "subnet-6d26c709",
                            "wait_for_capacity_timeout": "10m"
                        },
                        "meta": {},
                        "tainted": false
                    },
                    "deposed": [],
                    "provider": ""
                },
                "aws_autoscaling_group.k8s_worker_asg.1": {
                    "type": "aws_autoscaling_group",
                    "depends_on": [
                        "aws_launch_configuration.k8s_worker",
                        "null_resource.k8s_cluster"
                    ],
                    "primary": {
                        "id": "pipeline-k8s-worker-asg2",
                        "attributes": {
                            "arn": "arn:aws:autoscaling:us-east-1:811034720611:autoScalingGroup:44a745b7-65b2-4f2c-8d93-2b8cd65eb62a:autoScalingGroupName/pipeline-k8s-worker-asg2",
                            "availability_zones.#": "1",
                            "availability_zones.1305112097": "us-east-1b",
                            "default_cooldown": "300",
                            "desired_capacity": "2",
                            "force_delete": "false",
                            "health_check_grace_period": "300",
                            "health_check_type": "EC2",
                            "id": "pipeline-k8s-worker-asg2",
                            "launch_configuration": "terraform-006e5579e2f32cb127b7491bc4",
                            "load_balancers.#": "0",
                            "max_size": "2",
                            "metrics_granularity": "1Minute",
                            "min_size": "2",
                            "name": "pipeline-k8s-worker-asg2",
                            "placement_group": "",
                            "protect_from_scale_in": "false",
                            "suspended_processes.#": "0",
                            "tag.#": "9",
                            "tag.226440278.key": "Jive_service",
                            "tag.226440278.propagate_at_launch": "true",
                            "tag.226440278.value": "us-east-1_jive-microservices-pipeline",
                            "tag.228639812.key": "Service_component",
                            "tag.228639812.propagate_at_launch": "true",
                            "tag.228639812.value": "k8s-node",
                            "tag.2598016381.key": "Name",
                            "tag.2598016381.propagate_at_launch": "true",
                            "tag.2598016381.value": "pipeline-k8s-worker-instance",
                            "tag.2651257388.key": "Region",
                            "tag.2651257388.propagate_at_launch": "true",
                            "tag.2651257388.value": "us-east-1",
                            "tag.2957669699.key": "Pipeline_phase",
                            "tag.2957669699.propagate_at_launch": "true",
                            "tag.2957669699.value": "pipeline",
                            "tag.2977154211.key": "Hostname",
                            "tag.2977154211.propagate_at_launch": "true",
                            "tag.2977154211.value": "k8s-node2",
                            "tag.3157447458.key": "K8s_cluster",
                            "tag.3157447458.propagate_at_launch": "true",
                            "tag.3157447458.value": "us-east-1_jive-microservices-pipeline",
                            "tag.3767096825.key": "SLA",
                            "tag.3767096825.propagate_at_launch": "true",
                            "tag.3767096825.value": "non-prod",
                            "tag.4147140775.key": "KubernetesCluster",
                            "tag.4147140775.propagate_at_launch": "true",
                            "tag.4147140775.value": "us-east-1_jive-microservices-pipeline",
                            "target_group_arns.#": "0",
                            "termination_policies.#": "0",
                            "vpc_zone_identifier.#": "1",
                            "vpc_zone_identifier.3003894335": "subnet-85ba29a9",
                            "wait_for_capacity_timeout": "10m"
                        },
                        "meta": {},
                        "tainted": false
                    },
                    "deposed": [],
                    "provider": ""
                },
                "aws_autoscaling_group.k8s_worker_asg.2": {
                    "type": "aws_autoscaling_group",
                    "depends_on": [
                        "aws_launch_configuration.k8s_worker",
                        "null_resource.k8s_cluster"
                    ],
                    "primary": {
                        "id": "pipeline-k8s-worker-asg3",
                        "attributes": {
                            "arn": "arn:aws:autoscaling:us-east-1:811034720611:autoScalingGroup:8efd80dc-95f9-456c-89d8-9cc283bca7e7:autoScalingGroupName/pipeline-k8s-worker-asg3",
                            "availability_zones.#": "1",
                            "availability_zones.986537655": "us-east-1c",
                            "default_cooldown": "300",
                            "desired_capacity": "2",
                            "force_delete": "false",
                            "health_check_grace_period": "300",
                            "health_check_type": "EC2",
                            "id": "pipeline-k8s-worker-asg3",
                            "launch_configuration": "terraform-006e5579e2f32cb127b7491bc4",
                            "load_balancers.#": "0",
                            "max_size": "2",
                            "metrics_granularity": "1Minute",
                            "min_size": "2",
                            "name": "pipeline-k8s-worker-asg3",
                            "placement_group": "",
                            "protect_from_scale_in": "false",
                            "suspended_processes.#": "0",
                            "tag.#": "9",
                            "tag.226440278.key": "Jive_service",
                            "tag.226440278.propagate_at_launch": "true",
                            "tag.226440278.value": "us-east-1_jive-microservices-pipeline",
                            "tag.228639812.key": "Service_component",
                            "tag.228639812.propagate_at_launch": "true",
                            "tag.228639812.value": "k8s-node",
                            "tag.2598016381.key": "Name",
                            "tag.2598016381.propagate_at_launch": "true",
                            "tag.2598016381.value": "pipeline-k8s-worker-instance",
                            "tag.2651257388.key": "Region",
                            "tag.2651257388.propagate_at_launch": "true",
                            "tag.2651257388.value": "us-east-1",
                            "tag.2957669699.key": "Pipeline_phase",
                            "tag.2957669699.propagate_at_launch": "true",
                            "tag.2957669699.value": "pipeline",
                            "tag.3157447458.key": "K8s_cluster",
                            "tag.3157447458.propagate_at_launch": "true",
                            "tag.3157447458.value": "us-east-1_jive-microservices-pipeline",
                            "tag.3767096825.key": "SLA",
                            "tag.3767096825.propagate_at_launch": "true",
                            "tag.3767096825.value": "non-prod",
                            "tag.386191127.key": "Hostname",
                            "tag.386191127.propagate_at_launch": "true",
                            "tag.386191127.value": "k8s-node3",
                            "tag.4147140775.key": "KubernetesCluster",
                            "tag.4147140775.propagate_at_launch": "true",
                            "tag.4147140775.value": "us-east-1_jive-microservices-pipeline",
                            "target_group_arns.#": "0",
                            "termination_policies.#": "0",
                            "vpc_zone_identifier.#": "1",
                            "vpc_zone_identifier.2195640464": "subnet-2239736a",
                            "wait_for_capacity_timeout": "10m"
                        },
                        "meta": {},
                        "tainted": false
                    },
                    "deposed": [],
                    "provider": ""
                },
                "aws_autoscaling_group.k8s_worker_asg.3": {
                    "type": "aws_autoscaling_group",
                    "depends_on": [
                        "aws_launch_configuration.k8s_worker",
                        "null_resource.k8s_cluster"
                    ],
                    "primary": {
                        "id": "pipeline-k8s-worker-asg4",
                        "attributes": {
                            "arn": "arn:aws:autoscaling:us-east-1:811034720611:autoScalingGroup:47a2ca4a-0487-4662-82f0-1311e99b1663:autoScalingGroupName/pipeline-k8s-worker-asg4",
                            "availability_zones.#": "1",
                            "availability_zones.2762590996": "us-east-1d",
                            "default_cooldown": "300",
                            "desired_capacity": "2",
                            "force_delete": "false",
                            "health_check_grace_period": "300",
                            "health_check_type": "EC2",
                            "id": "pipeline-k8s-worker-asg4",
                            "launch_configuration": "terraform-006e5579e2f32cb127b7491bc4",
                            "load_balancers.#": "0",
                            "max_size": "2",
                            "metrics_granularity": "1Minute",
                            "min_size": "2",
                            "name": "pipeline-k8s-worker-asg4",
                            "placement_group": "",
                            "protect_from_scale_in": "false",
                            "suspended_processes.#": "0",
                            "tag.#": "9",
                            "tag.226440278.key": "Jive_service",
                            "tag.226440278.propagate_at_launch": "true",
                            "tag.226440278.value": "us-east-1_jive-microservices-pipeline",
                            "tag.228639812.key": "Service_component",
                            "tag.228639812.propagate_at_launch": "true",
                            "tag.228639812.value": "k8s-node",
                            "tag.2598016381.key": "Name",
                            "tag.2598016381.propagate_at_launch": "true",
                            "tag.2598016381.value": "pipeline-k8s-worker-instance",
                            "tag.2651257388.key": "Region",
                            "tag.2651257388.propagate_at_launch": "true",
                            "tag.2651257388.value": "us-east-1",
                            "tag.2957669699.key": "Pipeline_phase",
                            "tag.2957669699.propagate_at_launch": "true",
                            "tag.2957669699.value": "pipeline",
                            "tag.3157447458.key": "K8s_cluster",
                            "tag.3157447458.propagate_at_launch": "true",
                            "tag.3157447458.value": "us-east-1_jive-microservices-pipeline",
                            "tag.3533959577.key": "Hostname",
                            "tag.3533959577.propagate_at_launch": "true",
                            "tag.3533959577.value": "k8s-node4",
                            "tag.3767096825.key": "SLA",
                            "tag.3767096825.propagate_at_launch": "true",
                            "tag.3767096825.value": "non-prod",
                            "tag.4147140775.key": "KubernetesCluster",
                            "tag.4147140775.propagate_at_launch": "true",
                            "tag.4147140775.value": "us-east-1_jive-microservices-pipeline",
                            "target_group_arns.#": "0",
                            "termination_policies.#": "0",
                            "vpc_zone_identifier.#": "1",
                            "vpc_zone_identifier.69049090": "subnet-dd53d887",
                            "wait_for_capacity_timeout": "10m"
                        },
                        "meta": {},
                        "tainted": false
                    },
                    "deposed": [],
                    "provider": ""
                },
                "aws_autoscaling_group.k8s_worker_asg.4": {
                    "type": "aws_autoscaling_group",
                    "depends_on": [
                        "aws_launch_configuration.k8s_worker",
                        "null_resource.k8s_cluster"
                    ],
                    "primary": {
                        "id": "pipeline-k8s-worker-asg5",
                        "attributes": {
                            "arn": "arn:aws:autoscaling:us-east-1:811034720611:autoScalingGroup:6e3745c9-a63f-4634-82d8-b31b64c3eb4c:autoScalingGroupName/pipeline-k8s-worker-asg5",
                            "availability_zones.#": "1",
                            "availability_zones.3551460226": "us-east-1e",
                            "default_cooldown": "300",
                            "desired_capacity": "2",
                            "force_delete": "false",
                            "health_check_grace_period": "300",
                            "health_check_type": "EC2",
                            "id": "pipeline-k8s-worker-asg5",
                            "launch_configuration": "terraform-006e5579e2f32cb127b7491bc4",
                            "load_balancers.#": "0",
                            "max_size": "2",
                            "metrics_granularity": "1Minute",
                            "min_size": "2",
                            "name": "pipeline-k8s-worker-asg5",
                            "placement_group": "",
                            "protect_from_scale_in": "false",
                            "suspended_processes.#": "0",
                            "tag.#": "9",
                            "tag.1960114733.key": "Hostname",
                            "tag.1960114733.propagate_at_launch": "true",
                            "tag.1960114733.value": "k8s-node5",
                            "tag.226440278.key": "Jive_service",
                            "tag.226440278.propagate_at_launch": "true",
                            "tag.226440278.value": "us-east-1_jive-microservices-pipeline",
                            "tag.228639812.key": "Service_component",
                            "tag.228639812.propagate_at_launch": "true",
                            "tag.228639812.value": "k8s-node",
                            "tag.2598016381.key": "Name",
                            "tag.2598016381.propagate_at_launch": "true",
                            "tag.2598016381.value": "pipeline-k8s-worker-instance",
                            "tag.2651257388.key": "Region",
                            "tag.2651257388.propagate_at_launch": "true",
                            "tag.2651257388.value": "us-east-1",
                            "tag.2957669699.key": "Pipeline_phase",
                            "tag.2957669699.propagate_at_launch": "true",
                            "tag.2957669699.value": "pipeline",
                            "tag.3157447458.key": "K8s_cluster",
                            "tag.3157447458.propagate_at_launch": "true",
                            "tag.3157447458.value": "us-east-1_jive-microservices-pipeline",
                            "tag.3767096825.key": "SLA",
                            "tag.3767096825.propagate_at_launch": "true",
                            "tag.3767096825.value": "non-prod",
                            "tag.4147140775.key": "KubernetesCluster",
                            "tag.4147140775.propagate_at_launch": "true",
                            "tag.4147140775.value": "us-east-1_jive-microservices-pipeline",
                            "target_group_arns.#": "0",
                            "termination_policies.#": "0",
                            "vpc_zone_identifier.#": "1",
                            "vpc_zone_identifier.2741055991": "subnet-b115168d",
                            "wait_for_capacity_timeout": "10m"
                        },
                        "meta": {},
                        "tainted": false
                    },
                    "deposed": [],
                    "provider": ""
                },
                "aws_ebs_volume.k8s_etcd_ebs.0": {
                    "type": "aws_ebs_volume",
                    "depends_on": [
                        "data.aws_availability_zones.available",
                        "null_resource.k8s_cluster"
                    ],
                    "primary": {
                        "id": "vol-00006ace7af13a134",
                        "attributes": {
                            "availability_zone": "us-east-1a",
                            "encrypted": "true",
                            "id": "vol-00006ace7af13a134",
                            "kms_key_id": "arn:aws:kms:us-east-1:811034720611:key/cee24010-c10b-4278-a879-24a04a2d325c",
                            "size": "20",
                            "snapshot_id": "",
                            "tags.%": "7",
                            "tags.Hostname": "us-east-1_jive-microservices-pipeline-etcd1",
                            "tags.Jive_service": "us-east-1_jive-microservices-pipeline",
                            "tags.Name": "pipeline-k8s_etcd-instance",
                            "tags.Pipeline_phase": "pipeline",
                            "tags.Region": "us-east-1",
                            "tags.SLA": "non-prod",
                            "tags.Service_component": "etcd",
                            "type": "gp2"
                        },
                        "meta": {},
                        "tainted": false
                    },
                    "deposed": [],
                    "provider": ""
                },
                "aws_ebs_volume.k8s_etcd_ebs.1": {
                    "type": "aws_ebs_volume",
                    "depends_on": [
                        "data.aws_availability_zones.available",
                        "null_resource.k8s_cluster"
                    ],
                    "primary": {
                        "id": "vol-03361d6e534f0ea68",
                        "attributes": {
                            "availability_zone": "us-east-1b",
                            "encrypted": "true",
                            "id": "vol-03361d6e534f0ea68",
                            "kms_key_id": "arn:aws:kms:us-east-1:811034720611:key/cee24010-c10b-4278-a879-24a04a2d325c",
                            "size": "20",
                            "snapshot_id": "",
                            "tags.%": "7",
                            "tags.Hostname": "us-east-1_jive-microservices-pipeline-etcd2",
                            "tags.Jive_service": "us-east-1_jive-microservices-pipeline",
                            "tags.Name": "pipeline-k8s_etcd-instance",
                            "tags.Pipeline_phase": "pipeline",
                            "tags.Region": "us-east-1",
                            "tags.SLA": "non-prod",
                            "tags.Service_component": "etcd",
                            "type": "gp2"
                        },
                        "meta": {},
                        "tainted": false
                    },
                    "deposed": [],
                    "provider": ""
                },
                "aws_ebs_volume.k8s_etcd_ebs.2": {
                    "type": "aws_ebs_volume",
                    "depends_on": [
                        "data.aws_availability_zones.available",
                        "null_resource.k8s_cluster"
                    ],
                    "primary": {
                        "id": "vol-08f4c385c00cd72ca",
                        "attributes": {
                            "availability_zone": "us-east-1c",
                            "encrypted": "true",
                            "id": "vol-08f4c385c00cd72ca",
                            "kms_key_id": "arn:aws:kms:us-east-1:811034720611:key/cee24010-c10b-4278-a879-24a04a2d325c",
                            "size": "20",
                            "snapshot_id": "",
                            "tags.%": "7",
                            "tags.Hostname": "us-east-1_jive-microservices-pipeline-etcd3",
                            "tags.Jive_service": "us-east-1_jive-microservices-pipeline",
                            "tags.Name": "pipeline-k8s_etcd-instance",
                            "tags.Pipeline_phase": "pipeline",
                            "tags.Region": "us-east-1",
                            "tags.SLA": "non-prod",
                            "tags.Service_component": "etcd",
                            "type": "gp2"
                        },
                        "meta": {},
                        "tainted": false
                    },
                    "deposed": [],
                    "provider": ""
                },
                "aws_ebs_volume.k8s_etcd_ebs.3": {
                    "type": "aws_ebs_volume",
                    "depends_on": [
                        "data.aws_availability_zones.available",
                        "null_resource.k8s_cluster"
                    ],
                    "primary": {
                        "id": "vol-01dce81b7bb4e8407",
                        "attributes": {
                            "availability_zone": "us-east-1d",
                            "encrypted": "true",
                            "id": "vol-01dce81b7bb4e8407",
                            "kms_key_id": "arn:aws:kms:us-east-1:811034720611:key/cee24010-c10b-4278-a879-24a04a2d325c",
                            "size": "20",
                            "snapshot_id": "",
                            "tags.%": "7",
                            "tags.Hostname": "us-east-1_jive-microservices-pipeline-etcd4",
                            "tags.Jive_service": "us-east-1_jive-microservices-pipeline",
                            "tags.Name": "pipeline-k8s_etcd-instance",
                            "tags.Pipeline_phase": "pipeline",
                            "tags.Region": "us-east-1",
                            "tags.SLA": "non-prod",
                            "tags.Service_component": "etcd",
                            "type": "gp2"
                        },
                        "meta": {},
                        "tainted": false
                    },
                    "deposed": [],
                    "provider": ""
                },
                "aws_ebs_volume.k8s_etcd_ebs.4": {
                    "type": "aws_ebs_volume",
                    "depends_on": [
                        "data.aws_availability_zones.available",
                        "null_resource.k8s_cluster"
                    ],
                    "primary": {
                        "id": "vol-085e09952d9cdd421",
                        "attributes": {
                            "availability_zone": "us-east-1e",
                            "encrypted": "true",
                            "id": "vol-085e09952d9cdd421",
                            "kms_key_id": "arn:aws:kms:us-east-1:811034720611:key/cee24010-c10b-4278-a879-24a04a2d325c",
                            "size": "20",
                            "snapshot_id": "",
                            "tags.%": "7",
                            "tags.Hostname": "us-east-1_jive-microservices-pipeline-etcd5",
                            "tags.Jive_service": "us-east-1_jive-microservices-pipeline",
                            "tags.Name": "pipeline-k8s_etcd-instance",
                            "tags.Pipeline_phase": "pipeline",
                            "tags.Region": "us-east-1",
                            "tags.SLA": "non-prod",
                            "tags.Service_component": "etcd",
                            "type": "gp2"
                        },
                        "meta": {},
                        "tainted": false
                    },
                    "deposed": [],
                    "provider": ""
                },
                "aws_ebs_volume.k8s_master": {
                    "type": "aws_ebs_volume",
                    "depends_on": [
                        "null_resource.k8s_cluster"
                    ],
                    "primary": {
                        "id": "vol-0597105e07641bd33",
                        "attributes": {
                            "availability_zone": "us-east-1a",
                            "encrypted": "true",
                            "id": "vol-0597105e07641bd33",
                            "kms_key_id": "arn:aws:kms:us-east-1:811034720611:key/cee24010-c10b-4278-a879-24a04a2d325c",
                            "size": "100",
                            "snapshot_id": "",
                            "tags.%": "7",
                            "tags.Hostname": "us-east-1_jive-microservices-pipeline-master1",
                            "tags.Jive_service": "us-east-1_jive-microservices-pipeline",
                            "tags.Name": "pipeline-k8s_master-instance",
                            "tags.Pipeline_phase": "pipeline",
                            "tags.Region": "us-east-1",
                            "tags.SLA": "non-prod",
                            "tags.Service_component": "k8s-master",
                            "type": "gp2"
                        },
                        "meta": {},
                        "tainted": false
                    },
                    "deposed": [],
                    "provider": ""
                },
                "aws_eip.k8s_etcd_eip.0": {
                    "type": "aws_eip",
                    "depends_on": [
                        "aws_network_interface.k8s_etcd.*"
                    ],
                    "primary": {
                        "id": "eipalloc-9d621cae",
                        "attributes": {
                            "association_id": "eipassoc-79ea764c",
                            "domain": "vpc",
                            "id": "eipalloc-9d621cae",
                            "instance": "i-0e9f7e09556afd513",
                            "network_interface": "eni-88bdda9f",
                            "private_ip": "10.125.1.230",
                            "public_ip": "34.232.97.171",
                            "vpc": "true"
                        },
                        "meta": {},
                        "tainted": false
                    },
                    "deposed": [],
                    "provider": ""
                },
                "aws_eip.k8s_etcd_eip.1": {
                    "type": "aws_eip",
                    "depends_on": [
                        "aws_network_interface.k8s_etcd.*"
                    ],
                    "primary": {
                        "id": "eipalloc-be68168d",
                        "attributes": {
                            "association_id": "eipassoc-6ceb7759",
                            "domain": "vpc",
                            "id": "eipalloc-be68168d",
                            "instance": "i-07a677d7f038e2ae4",
                            "network_interface": "eni-84a3952a",
                            "private_ip": "10.125.6.178",
                            "public_ip": "34.196.241.220",
                            "vpc": "true"
                        },
                        "meta": {},
                        "tainted": false
                    },
                    "deposed": [],
                    "provider": ""
                },
                "aws_eip.k8s_etcd_eip.2": {
                    "type": "aws_eip",
                    "depends_on": [
                        "aws_network_interface.k8s_etcd.*"
                    ],
                    "primary": {
                        "id": "eipalloc-34691707",
                        "attributes": {
                            "association_id": "eipassoc-eae975df",
                            "domain": "vpc",
                            "id": "eipalloc-34691707",
                            "instance": "i-03b00363784e7ddd0",
                            "network_interface": "eni-4970d59c",
                            "private_ip": "10.125.8.229",
                            "public_ip": "52.21.241.65",
                            "vpc": "true"
                        },
                        "meta": {},
                        "tainted": false
                    },
                    "deposed": [],
                    "provider": ""
                },
                "aws_eip.k8s_etcd_eip.3": {
                    "type": "aws_eip",
                    "depends_on": [
                        "aws_network_interface.k8s_etcd.*"
                    ],
                    "primary": {
                        "id": "eipalloc-0a671939",
                        "attributes": {
                            "association_id": "eipassoc-e8e975dd",
                            "domain": "vpc",
                            "id": "eipalloc-0a671939",
                            "instance": "i-098c380c18b23c8c3",
                            "network_interface": "eni-34a0609f",
                            "private_ip": "10.125.13.28",
                            "public_ip": "34.232.85.15",
                            "vpc": "true"
                        },
                        "meta": {},
                        "tainted": false
                    },
                    "deposed": [],
                    "provider": ""
                },
                "aws_eip.k8s_etcd_eip.4": {
                    "type": "aws_eip",
                    "depends_on": [
                        "aws_network_interface.k8s_etcd.*"
                    ],
                    "primary": {
                        "id": "eipalloc-76621c45",
                        "attributes": {
                            "association_id": "eipassoc-26ee7213",
                            "domain": "vpc",
                            "id": "eipalloc-76621c45",
                            "instance": "i-0312a581b4c327e06",
                            "network_interface": "eni-3cac343c",
                            "private_ip": "10.125.17.158",
                            "public_ip": "34.199.134.22",
                            "vpc": "true"
                        },
                        "meta": {},
                        "tainted": false
                    },
                    "deposed": [],
                    "provider": ""
                },
                "aws_eip.k8s_master_eip": {
                    "type": "aws_eip",
                    "depends_on": [],
                    "primary": {
                        "id": "eipalloc-d4651be7",
                        "attributes": {
                            "association_id": "",
                            "domain": "vpc",
                            "id": "eipalloc-d4651be7",
                            "instance": "",
                            "network_interface": "",
                            "private_ip": "",
                            "public_ip": "34.231.119.70",
                            "vpc": "true"
                        },
                        "meta": {},
                        "tainted": false
                    },
                    "deposed": [],
                    "provider": ""
                },
                "aws_elb.k8s_master": {
                    "type": "aws_elb",
                    "depends_on": [
                        "aws_security_group.k8s_master_instance",
                        "null_resource.k8s_cluster"
                    ],
                    "primary": {
                        "id": "pipeline-k8s-master-elb",
                        "attributes": {
                            "access_logs.#": "0",
                            "availability_zones.#": "1",
                            "availability_zones.3569565595": "us-east-1a",
                            "connection_draining": "false",
                            "connection_draining_timeout": "300",
                            "cross_zone_load_balancing": "true",
                            "dns_name": "internal-pipeline-k8s-master-elb-1114365283.us-east-1.elb.amazonaws.com",
                            "health_check.#": "1",
                            "health_check.0.healthy_threshold": "2",
                            "health_check.0.interval": "30",
                            "health_check.0.target": "TCP:443",
                            "health_check.0.timeout": "3",
                            "health_check.0.unhealthy_threshold": "2",
                            "id": "pipeline-k8s-master-elb",
                            "idle_timeout": "1800",
                            "instances.#": "1",
                            "instances.1747695438": "i-03cd87521f7fb6a1b",
                            "internal": "true",
                            "listener.#": "1",
                            "listener.610193557.instance_port": "443",
                            "listener.610193557.instance_protocol": "tcp",
                            "listener.610193557.lb_port": "443",
                            "listener.610193557.lb_protocol": "tcp",
                            "listener.610193557.ssl_certificate_id": "",
                            "name": "pipeline-k8s-master-elb",
                            "security_groups.#": "2",
                            "security_groups.2053041046": "sg-3c6c264d",
                            "security_groups.3010082948": "sg-9e1fefee",
                            "source_security_group": "811034720611/pipeline-instance",
                            "source_security_group_id": "sg-3c6c264d",
                            "subnets.#": "1",
                            "subnets.2131822842": "subnet-6d26c709",
                            "tags.%": "7",
                            "tags.Hostname": "us-east-1_jive-microservices-pipeline-master1",
                            "tags.Jive_service": "us-east-1_jive-microservices-pipeline",
                            "tags.Name": "pipeline-k8s_master-elb",
                            "tags.Pipeline_phase": "pipeline",
                            "tags.Region": "us-east-1",
                            "tags.SLA": "non-prod",
                            "tags.Service_component": "k8s-master",
                            "zone_id": "Z35SXDOTRQ7X7K"
                        },
                        "meta": {},
                        "tainted": false
                    },
                    "deposed": [],
                    "provider": ""
                },
                "aws_iam_instance_profile.k8s-master": {
                    "type": "aws_iam_instance_profile",
                    "depends_on": [
                        "aws_iam_role.k8s-master",
                        "null_resource.k8s_cluster"
                    ],
                    "primary": {
                        "id": "us-east-1_jive-microservices-pipeline-k8s-master-profile",
                        "attributes": {
                            "arn": "arn:aws:iam::811034720611:instance-profile/us-east-1_jive-microservices-pipeline-k8s-master-profile",
                            "id": "us-east-1_jive-microservices-pipeline-k8s-master-profile",
                            "name": "us-east-1_jive-microservices-pipeline-k8s-master-profile",
                            "path": "/",
                            "role": "us-east-1_jive-microservices-pipeline-master-role",
                            "roles.#": "1",
                            "roles.3493971017": "us-east-1_jive-microservices-pipeline-master-role",
                            "unique_id": "AIPAIJMWU7NPEBGIAXKPQ"
                        },
                        "meta": {},
                        "tainted": false
                    },
                    "deposed": [],
                    "provider": ""
                },
                "aws_iam_instance_profile.k8s-node": {
                    "type": "aws_iam_instance_profile",
                    "depends_on": [
                        "aws_iam_role.k8s-node",
                        "null_resource.k8s_cluster"
                    ],
                    "primary": {
                        "id": "us-east-1_jive-microservices-pipeline-k8s-node-profile",
                        "attributes": {
                            "arn": "arn:aws:iam::811034720611:instance-profile/us-east-1_jive-microservices-pipeline-k8s-node-profile",
                            "id": "us-east-1_jive-microservices-pipeline-k8s-node-profile",
                            "name": "us-east-1_jive-microservices-pipeline-k8s-node-profile",
                            "path": "/",
                            "role": "us-east-1_jive-microservices-pipeline-node-role",
                            "roles.#": "1",
                            "roles.1783928409": "us-east-1_jive-microservices-pipeline-node-role",
                            "unique_id": "AIPAI6A5ARSSQ23NNAGJO"
                        },
                        "meta": {},
                        "tainted": false
                    },
                    "deposed": [],
                    "provider": ""
                },
                "aws_iam_role.k8s-master": {
                    "type": "aws_iam_role",
                    "depends_on": [
                        "null_resource.k8s_cluster"
                    ],
                    "primary": {
                        "id": "us-east-1_jive-microservices-pipeline-master-role",
                        "attributes": {
                            "arn": "arn:aws:iam::811034720611:role/us-east-1_jive-microservices-pipeline-master-role",
                            "assume_role_policy": "{\"Version\":\"2012-10-17\",\"Statement\":[{\"Sid\":\"\",\"Effect\":\"Allow\",\"Principal\":{\"Service\":\"ec2.amazonaws.com\"},\"Action\":\"sts:AssumeRole\"}]}",
                            "create_date": "2017-08-07T02:35:29Z",
                            "id": "us-east-1_jive-microservices-pipeline-master-role",
                            "name": "us-east-1_jive-microservices-pipeline-master-role",
                            "path": "/",
                            "unique_id": "AROAJGWRF6ZHMSSIHYTB2"
                        },
                        "meta": {},
                        "tainted": false
                    },
                    "deposed": [],
                    "provider": ""
                },
                "aws_iam_role.k8s-node": {
                    "type": "aws_iam_role",
                    "depends_on": [
                        "null_resource.k8s_cluster"
                    ],
                    "primary": {
                        "id": "us-east-1_jive-microservices-pipeline-node-role",
                        "attributes": {
                            "arn": "arn:aws:iam::811034720611:role/us-east-1_jive-microservices-pipeline-node-role",
                            "assume_role_policy": "{\"Version\":\"2012-10-17\",\"Statement\":[{\"Sid\":\"\",\"Effect\":\"Allow\",\"Principal\":{\"Service\":\"ec2.amazonaws.com\"},\"Action\":\"sts:AssumeRole\"}]}",
                            "create_date": "2017-08-07T02:35:29Z",
                            "id": "us-east-1_jive-microservices-pipeline-node-role",
                            "name": "us-east-1_jive-microservices-pipeline-node-role",
                            "path": "/",
                            "unique_id": "AROAIXI4IA4KIZUABQ4SK"
                        },
                        "meta": {},
                        "tainted": false
                    },
                    "deposed": [],
                    "provider": ""
                },
                "aws_iam_role_policy.k8s-master": {
                    "type": "aws_iam_role_policy",
                    "depends_on": [
                        "aws_iam_role.k8s-master",
                        "null_resource.k8s_cluster"
                    ],
                    "primary": {
                        "id": "us-east-1_jive-microservices-pipeline-master-role:us-east-1_jive-microservices-pipeline-master-policy",
                        "attributes": {
                            "id": "us-east-1_jive-microservices-pipeline-master-role:us-east-1_jive-microservices-pipeline-master-policy",
                            "name": "us-east-1_jive-microservices-pipeline-master-policy",
                            "policy": "{\n    \"Version\": \"2012-10-17\",\n    \"Statement\": [\n        {\n            \"Effect\": \"Allow\",\n            \"Action\": [\"ec2:*\"],\n            \"Resource\": [\"*\"]\n        },\n        {\n            \"Effect\": \"Allow\",\n            \"Action\": [\"elasticloadbalancing:*\"],\n            \"Resource\": [\"*\"]\n        },\n        {\n            \"Effect\": \"Allow\",\n            \"Action\": [\n                \"ec2:Describe*\",\n                \"ec2:AttachVolume\",\n                \"ec2:DetachVolume\",\n                \"route53:ListHostedZones\",\n                \"route53:ListResourceRecordSets\",\n                \"rds:Describe*\",\n                \"elasticache:Describe*\",\n                \"s3:GetObject\",\n                \"s3:PutObject\",\n                \"s3:ListAllMyBuckets\",\n                \"s3:ListBucket\",\n                \"s3:GetBucketLocation\"\n            ],\n            \"Resource\": \"*\"\n        }\n    ]\n}\n",
                            "role": "us-east-1_jive-microservices-pipeline-master-role"
                        },
                        "meta": {},
                        "tainted": false
                    },
                    "deposed": [],
                    "provider": ""
                },
                "aws_iam_role_policy.k8s-node": {
                    "type": "aws_iam_role_policy",
                    "depends_on": [
                        "aws_iam_role.k8s-node",
                        "null_resource.k8s_cluster"
                    ],
                    "primary": {
                        "id": "us-east-1_jive-microservices-pipeline-node-role:us-east-1_jive-microservices-pipeline-node-policy",
                        "attributes": {
                            "id": "us-east-1_jive-microservices-pipeline-node-role:us-east-1_jive-microservices-pipeline-node-policy",
                            "name": "us-east-1_jive-microservices-pipeline-node-policy",
                            "policy": "{\n    \"Version\": \"2012-10-17\",\n    \"Statement\": [\n        {\n            \"Effect\": \"Allow\",\n            \"Action\": [\n                \"ec2:Describe*\",\n                \"ec2:AttachVolume\",\n                \"ec2:DetachVolume\",\n                \"ec2:AttachNetworkInterface\",\n                \"ec2:DetachNetworkInterface\",\n                \"route53:ListHostedZones\",\n                \"route53:ListResourceRecordSets\",\n                \"rds:Describe*\",\n                \"elasticache:Describe*\",\n                \"s3:GetObject\",\n                \"s3:ListAllMyBuckets\",\n                \"s3:ListBucket\",\n                \"s3:PutObject\",\n                \"s3:CreateBucket\",\n                \"s3:GetBucketLocation\"\n            ],\n            \"Resource\": \"*\"\n        }\n    ]\n}\n",
                            "role": "us-east-1_jive-microservices-pipeline-node-role"
                        },
                        "meta": {},
                        "tainted": false
                    },
                    "deposed": [],
                    "provider": ""
                },
                "aws_launch_configuration.k8s_etcd": {
                    "type": "aws_launch_configuration",
                    "depends_on": [],
                    "primary": {
                        "id": "terraform-0067e7555b547bb40141402f5c",
                        "attributes": {
                            "associate_public_ip_address": "false",
                            "ebs_block_device.#": "0",
                            "ebs_optimized": "false",
                            "enable_monitoring": "true",
                            "ephemeral_block_device.#": "0",
                            "iam_instance_profile": "us-east-1_jive-microservices-pipeline-k8s-node-profile",
                            "id": "terraform-0067e7555b547bb40141402f5c",
                            "image_id": "ami-61659e77",
                            "instance_type": "t2.medium",
                            "key_name": "plops-ms-pipeline-k8s",
                            "name": "terraform-0067e7555b547bb40141402f5c",
                            "root_block_device.#": "1",
                            "root_block_device.0.delete_on_termination": "true",
                            "root_block_device.0.iops": "0",
                            "root_block_device.0.volume_size": "20",
                            "root_block_device.0.volume_type": "gp2",
                            "security_groups.#": "2",
                            "security_groups.1763991707": "sg-390afa49",
                            "security_groups.2053041046": "sg-3c6c264d",
                            "spot_price": "",
                            "user_data": "1f1c314ed0eceb6057e3164e1ab72f1dbb7ca02d",
                            "vpc_classic_link_id": "",
                            "vpc_classic_link_security_groups.#": "0"
                        },
                        "meta": {},
                        "tainted": false
                    },
                    "deposed": [],
                    "provider": ""
                },
                "aws_launch_configuration.k8s_master": {
                    "type": "aws_launch_configuration",
                    "depends_on": [],
                    "primary": {
                        "id": "terraform-0067e7555b547bb40141402f5d",
                        "attributes": {
                            "associate_public_ip_address": "false",
                            "ebs_block_device.#": "0",
                            "ebs_optimized": "false",
                            "enable_monitoring": "true",
                            "ephemeral_block_device.#": "0",
                            "iam_instance_profile": "us-east-1_jive-microservices-pipeline-k8s-master-profile",
                            "id": "terraform-0067e7555b547bb40141402f5d",
                            "image_id": "ami-61659e77",
                            "instance_type": "r4.xlarge",
                            "key_name": "plops-ms-pipeline-k8s",
                            "name": "terraform-0067e7555b547bb40141402f5d",
                            "root_block_device.#": "1",
                            "root_block_device.0.delete_on_termination": "true",
                            "root_block_device.0.iops": "0",
                            "root_block_device.0.volume_size": "100",
                            "root_block_device.0.volume_type": "gp2",
                            "security_groups.#": "2",
                            "security_groups.2053041046": "sg-3c6c264d",
                            "security_groups.3010082948": "sg-9e1fefee",
                            "spot_price": "",
                            "user_data": "1f1c314ed0eceb6057e3164e1ab72f1dbb7ca02d",
                            "vpc_classic_link_id": "",
                            "vpc_classic_link_security_groups.#": "0"
                        },
                        "meta": {},
                        "tainted": false
                    },
                    "deposed": [],
                    "provider": ""
                },
                "aws_launch_configuration.k8s_worker": {
                    "type": "aws_launch_configuration",
                    "depends_on": [],
                    "primary": {
                        "id": "terraform-006e5579e2f32cb127b7491bc4",
                        "attributes": {
                            "associate_public_ip_address": "false",
                            "ebs_block_device.#": "0",
                            "ebs_optimized": "false",
                            "enable_monitoring": "true",
                            "ephemeral_block_device.#": "0",
                            "iam_instance_profile": "us-east-1_jive-microservices-pipeline-k8s-node-profile",
                            "id": "terraform-006e5579e2f32cb127b7491bc4",
                            "image_id": "ami-61659e77",
                            "instance_type": "m4.16xlarge",
                            "key_name": "plops-ms-pipeline-k8s",
                            "name": "terraform-006e5579e2f32cb127b7491bc4",
                            "root_block_device.#": "1",
                            "root_block_device.0.delete_on_termination": "true",
                            "root_block_device.0.iops": "0",
                            "root_block_device.0.volume_size": "50",
                            "root_block_device.0.volume_type": "gp2",
                            "security_groups.#": "2",
                            "security_groups.2053041046": "sg-3c6c264d",
                            "security_groups.593301830": "sg-0c06f67c",
                            "spot_price": "",
                            "user_data": "1f1c314ed0eceb6057e3164e1ab72f1dbb7ca02d",
                            "vpc_classic_link_id": "",
                            "vpc_classic_link_security_groups.#": "0"
                        },
                        "meta": {},
                        "tainted": false
                    },
                    "deposed": [],
                    "provider": ""
                },
                "aws_network_interface.k8s_etcd.0": {
                    "type": "aws_network_interface",
                    "depends_on": [
                        "aws_security_group.k8s_etcd_instance",
                        "data.aws_subnet.natdc.*",
                        "null_resource.k8s_cluster"
                    ],
                    "primary": {
                        "id": "eni-88bdda9f",
                        "attributes": {
                            "attachment.#": "1",
                            "attachment.3601015362.attachment_id": "eni-attach-b04b1e28",
                            "attachment.3601015362.device_index": "1",
                            "attachment.3601015362.instance": "i-0e9f7e09556afd513",
                            "description": "",
                            "id": "eni-88bdda9f",
                            "private_ip": "10.125.1.230",
                            "private_ips.#": "1",
                            "private_ips.2634647296": "10.125.1.230",
                            "security_groups.#": "2",
                            "security_groups.1763991707": "sg-390afa49",
                            "security_groups.2053041046": "sg-3c6c264d",
                            "source_dest_check": "true",
                            "subnet_id": "subnet-6d26c709",
                            "tags.%": "8",
                            "tags.Hostname": "us-east-1_jive-microservices-pipeline-etcd1",
                            "tags.Jive_service": "us-east-1_jive-microservices-pipeline",
                            "tags.KubernetesCluster": "us-east-1_jive-microservices-pipeline",
                            "tags.Name": "pipeline-k8s-etcd-instance",
                            "tags.Pipeline_phase": "pipeline",
                            "tags.Region": "us-east-1",
                            "tags.SLA": "non-prod",
                            "tags.Service_component": "k8s-etcd"
                        },
                        "meta": {},
                        "tainted": false
                    },
                    "deposed": [],
                    "provider": ""
                },
                "aws_network_interface.k8s_etcd.1": {
                    "type": "aws_network_interface",
                    "depends_on": [
                        "aws_security_group.k8s_etcd_instance",
                        "data.aws_subnet.natdc.*",
                        "null_resource.k8s_cluster"
                    ],
                    "primary": {
                        "id": "eni-84a3952a",
                        "attributes": {
                            "attachment.#": "1",
                            "attachment.3704637459.attachment_id": "eni-attach-4f719caa",
                            "attachment.3704637459.device_index": "1",
                            "attachment.3704637459.instance": "i-07a677d7f038e2ae4",
                            "description": "",
                            "id": "eni-84a3952a",
                            "private_ip": "10.125.6.178",
                            "private_ips.#": "1",
                            "private_ips.1205381247": "10.125.6.178",
                            "security_groups.#": "2",
                            "security_groups.1763991707": "sg-390afa49",
                            "security_groups.2053041046": "sg-3c6c264d",
                            "source_dest_check": "true",
                            "subnet_id": "subnet-85ba29a9",
                            "tags.%": "8",
                            "tags.Hostname": "us-east-1_jive-microservices-pipeline-etcd2",
                            "tags.Jive_service": "us-east-1_jive-microservices-pipeline",
                            "tags.KubernetesCluster": "us-east-1_jive-microservices-pipeline",
                            "tags.Name": "pipeline-k8s-etcd-instance",
                            "tags.Pipeline_phase": "pipeline",
                            "tags.Region": "us-east-1",
                            "tags.SLA": "non-prod",
                            "tags.Service_component": "k8s-etcd"
                        },
                        "meta": {},
                        "tainted": false
                    },
                    "deposed": [],
                    "provider": ""
                },
                "aws_network_interface.k8s_etcd.2": {
                    "type": "aws_network_interface",
                    "depends_on": [
                        "aws_security_group.k8s_etcd_instance",
                        "data.aws_subnet.natdc.*",
                        "null_resource.k8s_cluster"
                    ],
                    "primary": {
                        "id": "eni-4970d59c",
                        "attributes": {
                            "attachment.#": "1",
                            "attachment.3225852471.attachment_id": "eni-attach-0a406aee",
                            "attachment.3225852471.device_index": "1",
                            "attachment.3225852471.instance": "i-03b00363784e7ddd0",
                            "description": "",
                            "id": "eni-4970d59c",
                            "private_ip": "10.125.8.229",
                            "private_ips.#": "1",
                            "private_ips.4041108628": "10.125.8.229",
                            "security_groups.#": "2",
                            "security_groups.1763991707": "sg-390afa49",
                            "security_groups.2053041046": "sg-3c6c264d",
                            "source_dest_check": "true",
                            "subnet_id": "subnet-2239736a",
                            "tags.%": "8",
                            "tags.Hostname": "us-east-1_jive-microservices-pipeline-etcd3",
                            "tags.Jive_service": "us-east-1_jive-microservices-pipeline",
                            "tags.KubernetesCluster": "us-east-1_jive-microservices-pipeline",
                            "tags.Name": "pipeline-k8s-etcd-instance",
                            "tags.Pipeline_phase": "pipeline",
                            "tags.Region": "us-east-1",
                            "tags.SLA": "non-prod",
                            "tags.Service_component": "k8s-etcd"
                        },
                        "meta": {},
                        "tainted": false
                    },
                    "deposed": [],
                    "provider": ""
                },
                "aws_network_interface.k8s_etcd.3": {
                    "type": "aws_network_interface",
                    "depends_on": [
                        "aws_security_group.k8s_etcd_instance",
                        "data.aws_subnet.natdc.*",
                        "null_resource.k8s_cluster"
                    ],
                    "primary": {
                        "id": "eni-34a0609f",
                        "attributes": {
                            "attachment.#": "1",
                            "attachment.4080096548.attachment_id": "eni-attach-c07c6dce",
                            "attachment.4080096548.device_index": "1",
                            "attachment.4080096548.instance": "i-098c380c18b23c8c3",
                            "description": "",
                            "id": "eni-34a0609f",
                            "private_ip": "10.125.13.28",
                            "private_ips.#": "1",
                            "private_ips.1032252197": "10.125.13.28",
                            "security_groups.#": "2",
                            "security_groups.1763991707": "sg-390afa49",
                            "security_groups.2053041046": "sg-3c6c264d",
                            "source_dest_check": "true",
                            "subnet_id": "subnet-dd53d887",
                            "tags.%": "8",
                            "tags.Hostname": "us-east-1_jive-microservices-pipeline-etcd4",
                            "tags.Jive_service": "us-east-1_jive-microservices-pipeline",
                            "tags.KubernetesCluster": "us-east-1_jive-microservices-pipeline",
                            "tags.Name": "pipeline-k8s-etcd-instance",
                            "tags.Pipeline_phase": "pipeline",
                            "tags.Region": "us-east-1",
                            "tags.SLA": "non-prod",
                            "tags.Service_component": "k8s-etcd"
                        },
                        "meta": {},
                        "tainted": false
                    },
                    "deposed": [],
                    "provider": ""
                },
                "aws_network_interface.k8s_etcd.4": {
                    "type": "aws_network_interface",
                    "depends_on": [
                        "aws_security_group.k8s_etcd_instance",
                        "data.aws_subnet.natdc.*",
                        "null_resource.k8s_cluster"
                    ],
                    "primary": {
                        "id": "eni-3cac343c",
                        "attributes": {
                            "attachment.#": "1",
                            "attachment.149263372.attachment_id": "eni-attach-d056a935",
                            "attachment.149263372.device_index": "1",
                            "attachment.149263372.instance": "i-0312a581b4c327e06",
                            "description": "",
                            "id": "eni-3cac343c",
                            "private_ip": "10.125.17.158",
                            "private_ips.#": "1",
                            "private_ips.4082197355": "10.125.17.158",
                            "security_groups.#": "2",
                            "security_groups.1763991707": "sg-390afa49",
                            "security_groups.2053041046": "sg-3c6c264d",
                            "source_dest_check": "true",
                            "subnet_id": "subnet-b115168d",
                            "tags.%": "8",
                            "tags.Hostname": "us-east-1_jive-microservices-pipeline-etcd5",
                            "tags.Jive_service": "us-east-1_jive-microservices-pipeline",
                            "tags.KubernetesCluster": "us-east-1_jive-microservices-pipeline",
                            "tags.Name": "pipeline-k8s-etcd-instance",
                            "tags.Pipeline_phase": "pipeline",
                            "tags.Region": "us-east-1",
                            "tags.SLA": "non-prod",
                            "tags.Service_component": "k8s-etcd"
                        },
                        "meta": {},
                        "tainted": false
                    },
                    "deposed": [],
                    "provider": ""
                },
                "aws_s3_bucket.logging": {
                    "type": "aws_s3_bucket",
                    "depends_on": [
                        "data.aws_iam_policy_document.logging"
                    ],
                    "primary": {
                        "id": "us-east-1-jive-microservices-pipeline-logs",
                        "attributes": {
                            "acceleration_status": "",
                            "acl": "private",
                            "arn": "arn:aws:s3:::us-east-1-jive-microservices-pipeline-logs",
                            "bucket": "us-east-1-jive-microservices-pipeline-logs",
                            "bucket_domain_name": "us-east-1-jive-microservices-pipeline-logs.s3.amazonaws.com",
                            "force_destroy": "false",
                            "hosted_zone_id": "Z3AQBSTGFYJSTF",
                            "id": "us-east-1-jive-microservices-pipeline-logs",
                            "logging.#": "0",
                            "policy": "{\"Statement\":[{\"Action\":\"s3:PutObject\",\"Effect\":\"Allow\",\"Principal\":{\"AWS\":[\"arn:aws:iam::811034720611:role/us-east-1_jive-microservices-pipeline-node-role\",\"arn:aws:iam::811034720611:role/us-east-1_jive-microservices-pipeline-master-role\"]},\"Resource\":\"arn:aws:s3:::us-east-1-jive-microservices-pipeline-logs/*\",\"Sid\":\"Logs\"}],\"Version\":\"2012-10-17\"}",
                            "region": "us-east-1",
                            "request_payer": "BucketOwner",
                            "tags.%": "5",
                            "tags.KubernetesCluster": "us-east-1_jive-microservices-pipeline",
                            "tags.Name": "us-east-1-jive-microservices-pipeline-logs",
                            "tags.pipeline_phase": "pipeline",
                            "tags.region": "us-east-1",
                            "tags.service_component": "logs",
                            "versioning.#": "1",
                            "versioning.0.enabled": "false",
                            "versioning.0.mfa_delete": "false",
                            "website.#": "0"
                        },
                        "meta": {},
                        "tainted": false
                    },
                    "deposed": [],
                    "provider": ""
                },
                "aws_security_group.k8s_etcd_instance": {
                    "type": "aws_security_group",
                    "depends_on": [
                        "aws_security_group.k8s_master_instance",
                        "aws_security_group.k8s_worker_instance",
                        "null_resource.k8s_cluster"
                    ],
                    "primary": {
                        "id": "sg-390afa49",
                        "attributes": {
                            "description": "Access to K8S etcd nodes",
                            "egress.#": "0",
                            "id": "sg-390afa49",
                            "ingress.#": "2",
                            "ingress.3716756303.cidr_blocks.#": "0",
                            "ingress.3716756303.from_port": "2380",
                            "ingress.3716756303.ipv6_cidr_blocks.#": "0",
                            "ingress.3716756303.protocol": "tcp",
                            "ingress.3716756303.security_groups.#": "2",
                            "ingress.3716756303.security_groups.3010082948": "sg-9e1fefee",
                            "ingress.3716756303.security_groups.593301830": "sg-0c06f67c",
                            "ingress.3716756303.self": "true",
                            "ingress.3716756303.to_port": "2380",
                            "ingress.4193804757.cidr_blocks.#": "0",
                            "ingress.4193804757.from_port": "2379",
                            "ingress.4193804757.ipv6_cidr_blocks.#": "0",
                            "ingress.4193804757.protocol": "tcp",
                            "ingress.4193804757.security_groups.#": "2",
                            "ingress.4193804757.security_groups.3010082948": "sg-9e1fefee",
                            "ingress.4193804757.security_groups.593301830": "sg-0c06f67c",
                            "ingress.4193804757.self": "true",
                            "ingress.4193804757.to_port": "2379",
                            "name": "us-east-1_jive-microservices-pipeline-kubernetes-etcd-instance",
                            "owner_id": "811034720611",
                            "tags.%": "6",
                            "tags.Name": "us-east-1_jive-microservices-pipeline-etcd-instance",
                            "tags.jive_service": "k8s",
                            "tags.pipeline_phase": "pipeline",
                            "tags.region": "us-east-1",
                            "tags.service_component": "k8s-etcd",
                            "tags.sla": "non-prod",
                            "vpc_id": "vpc-e942d990"
                        },
                        "meta": {},
                        "tainted": false
                    },
                    "deposed": [],
                    "provider": ""
                },
                "aws_security_group.k8s_master_instance": {
                    "type": "aws_security_group",
                    "depends_on": [
                        "null_resource.k8s_cluster"
                    ],
                    "primary": {
                        "id": "sg-9e1fefee",
                        "attributes": {
                            "description": "Access to K8S Master nodes",
                            "egress.#": "0",
                            "id": "sg-9e1fefee",
                            "ingress.#": "3",
                            "ingress.371792496.cidr_blocks.#": "0",
                            "ingress.371792496.from_port": "0",
                            "ingress.371792496.ipv6_cidr_blocks.#": "0",
                            "ingress.371792496.protocol": "-1",
                            "ingress.371792496.security_groups.#": "1",
                            "ingress.371792496.security_groups.593301830": "sg-0c06f67c",
                            "ingress.371792496.self": "false",
                            "ingress.371792496.to_port": "0",
                            "ingress.691539513.cidr_blocks.#": "1",
                            "ingress.691539513.cidr_blocks.0": "10.0.0.0/8",
                            "ingress.691539513.from_port": "443",
                            "ingress.691539513.ipv6_cidr_blocks.#": "0",
                            "ingress.691539513.protocol": "tcp",
                            "ingress.691539513.security_groups.#": "0",
                            "ingress.691539513.self": "true",
                            "ingress.691539513.to_port": "443",
                            "ingress.822840845.cidr_blocks.#": "1",
                            "ingress.822840845.cidr_blocks.0": "10.125.0.0/19",
                            "ingress.822840845.from_port": "8080",
                            "ingress.822840845.ipv6_cidr_blocks.#": "0",
                            "ingress.822840845.protocol": "tcp",
                            "ingress.822840845.security_groups.#": "0",
                            "ingress.822840845.self": "true",
                            "ingress.822840845.to_port": "8080",
                            "name": "us-east-1_jive-microservices-pipeline-master-instance",
                            "owner_id": "811034720611",
                            "tags.%": "6",
                            "tags.Name": "us-east-1_jive-microservices-pipeline-master-instance",
                            "tags.jive_service": "k8s",
                            "tags.pipeline_phase": "pipeline",
                            "tags.region": "us-east-1",
                            "tags.service_component": "k8s-master",
                            "tags.sla": "non-prod",
                            "vpc_id": "vpc-e942d990"
                        },
                        "meta": {},
                        "tainted": false
                    },
                    "deposed": [],
                    "provider": ""
                },
                "aws_security_group.k8s_worker_instance": {
                    "type": "aws_security_group",
                    "depends_on": [
                        "aws_security_group.k8s_master_instance",
                        "null_resource.k8s_cluster"
                    ],
                    "primary": {
                        "id": "sg-0c06f67c",
                        "attributes": {
                            "description": "Allow traffic to K8S worker nodes",
                            "egress.#": "0",
                            "id": "sg-0c06f67c",
                            "ingress.#": "2",
                            "ingress.2025842265.cidr_blocks.#": "1",
                            "ingress.2025842265.cidr_blocks.0": "10.125.0.0/19",
                            "ingress.2025842265.from_port": "30000",
                            "ingress.2025842265.ipv6_cidr_blocks.#": "0",
                            "ingress.2025842265.protocol": "tcp",
                            "ingress.2025842265.security_groups.#": "0",
                            "ingress.2025842265.self": "false",
                            "ingress.2025842265.to_port": "32767",
                            "ingress.3321452820.cidr_blocks.#": "0",
                            "ingress.3321452820.from_port": "0",
                            "ingress.3321452820.ipv6_cidr_blocks.#": "0",
                            "ingress.3321452820.protocol": "-1",
                            "ingress.3321452820.security_groups.#": "1",
                            "ingress.3321452820.security_groups.3010082948": "sg-9e1fefee",
                            "ingress.3321452820.self": "true",
                            "ingress.3321452820.to_port": "0",
                            "name": "us-east-1_jive-microservices-pipeline-worker-instance",
                            "owner_id": "811034720611",
                            "tags.%": "7",
                            "tags.KubernetesCluster": "us-east-1_jive-microservices-pipeline",
                            "tags.Name": "us-east-1_jive-microservices-pipeline-worker-instance",
                            "tags.jive_service": "k8s",
                            "tags.pipeline_phase": "pipeline",
                            "tags.region": "us-east-1",
                            "tags.service_component": "k8s-worker",
                            "tags.sla": "non-prod",
                            "vpc_id": "vpc-e942d990"
                        },
                        "meta": {},
                        "tainted": false
                    },
                    "deposed": [],
                    "provider": ""
                },
                "aws_security_group_rule.k8s_master_instance": {
                    "type": "aws_security_group_rule",
                    "depends_on": [
                        "aws_security_group.k8s_master_instance",
                        "aws_security_group.k8s_worker_instance"
                    ],
                    "primary": {
                        "id": "sgrule-1278045830",
                        "attributes": {
                            "cidr_blocks.#": "0",
                            "from_port": "0",
                            "id": "sgrule-1278045830",
                            "ipv6_cidr_blocks.#": "0",
                            "prefix_list_ids.#": "0",
                            "protocol": "-1",
                            "security_group_id": "sg-9e1fefee",
                            "self": "false",
                            "source_security_group_id": "sg-0c06f67c",
                            "to_port": "0",
                            "type": "ingress"
                        },
                        "meta": {
                            "schema_version": "2"
                        },
                        "tainted": false
                    },
                    "deposed": [],
                    "provider": ""
                },
                "aws_security_group_rule.k8s_worker_instance": {
                    "type": "aws_security_group_rule",
                    "depends_on": [
                        "aws_security_group.k8s_worker_instance"
                    ],
                    "primary": {
                        "id": "sgrule-3479967510",
                        "attributes": {
                            "cidr_blocks.#": "1",
                            "cidr_blocks.0": "10.125.0.0/19",
                            "from_port": "30000",
                            "id": "sgrule-3479967510",
                            "ipv6_cidr_blocks.#": "0",
                            "prefix_list_ids.#": "0",
                            "protocol": "tcp",
                            "security_group_id": "sg-0c06f67c",
                            "self": "false",
                            "to_port": "32767",
                            "type": "ingress"
                        },
                        "meta": {
                            "schema_version": "2"
                        },
                        "tainted": false
                    },
                    "deposed": [],
                    "provider": ""
                },
                "data.aws_availability_zones.available": {
                    "type": "aws_availability_zones",
                    "depends_on": [],
                    "primary": {
                        "id": "2017-08-10 17:44:26.64305071 +0000 UTC",
                        "attributes": {
                            "id": "2017-08-10 17:44:26.64305071 +0000 UTC",
                            "names.#": "6",
                            "names.0": "us-east-1a",
                            "names.1": "us-east-1b",
                            "names.2": "us-east-1c",
                            "names.3": "us-east-1d",
                            "names.4": "us-east-1e",
                            "names.5": "us-east-1f"
                        },
                        "meta": {},
                        "tainted": false
                    },
                    "deposed": [],
                    "provider": ""
                },
                "data.aws_iam_policy_document.logging": {
                    "type": "aws_iam_policy_document",
                    "depends_on": [
                        "aws_iam_role.k8s-master",
                        "aws_iam_role.k8s-node"
                    ],
                    "primary": {
                        "id": "3502098665",
                        "attributes": {
                            "id": "3502098665",
                            "json": "{\n  \"Version\": \"2012-10-17\",\n  \"Statement\": [\n    {\n      \"Sid\": \"Logs\",\n      \"Effect\": \"Allow\",\n      \"Action\": \"s3:PutObject\",\n      \"Resource\": \"arn:aws:s3:::us-east-1-jive-microservices-pipeline-logs/*\",\n      \"Principal\": {\n        \"AWS\": [\n          \"arn:aws:iam::811034720611:role/us-east-1_jive-microservices-pipeline-node-role\",\n          \"arn:aws:iam::811034720611:role/us-east-1_jive-microservices-pipeline-master-role\"\n        ]\n      }\n    }\n  ]\n}",
                            "statement.#": "1",
                            "statement.0.actions.#": "1",
                            "statement.0.actions.315547055": "s3:PutObject",
                            "statement.0.condition.#": "0",
                            "statement.0.effect": "Allow",
                            "statement.0.not_actions.#": "0",
                            "statement.0.not_principals.#": "0",
                            "statement.0.not_resources.#": "0",
                            "statement.0.principals.#": "1",
                            "statement.0.principals.481806327.identifiers.#": "2",
                            "statement.0.principals.481806327.identifiers.1242136406": "arn:aws:iam::811034720611:role/us-east-1_jive-microservices-pipeline-node-role",
                            "statement.0.principals.481806327.identifiers.4266921623": "arn:aws:iam::811034720611:role/us-east-1_jive-microservices-pipeline-master-role",
                            "statement.0.principals.481806327.type": "AWS",
                            "statement.0.resources.#": "1",
                            "statement.0.resources.2824980681": "arn:aws:s3:::us-east-1-jive-microservices-pipeline-logs/*",
                            "statement.0.sid": "Logs"
                        },
                        "meta": {},
                        "tainted": false
                    },
                    "deposed": [],
                    "provider": ""
                },
                "data.aws_subnet.natdc.0": {
                    "type": "aws_subnet",
                    "depends_on": [
                        "data.aws_availability_zones.available"
                    ],
                    "primary": {
                        "id": "subnet-6d26c709",
                        "attributes": {
                            "assign_ipv6_address_on_creation": "false",
                            "availability_zone": "us-east-1a",
                            "cidr_block": "10.125.0.0/22",
                            "default_for_az": "false",
                            "id": "subnet-6d26c709",
                            "map_public_ip_on_launch": "false",
                            "state": "available",
                            "tags.%": "7",
                            "tags.KubernetesCluster": "us-east-1_jive-microservices-pipeline",
                            "tags.Name": "pipeline-natdc-subnet",
                            "tags.account_name": "jive-microservices-pipeline",
                            "tags.kubernetes.io/role/internal-elb": "us-east-1_jive-microservices-pipeline",
                            "tags.pipeline_phase": "pipeline",
                            "tags.region": "us-east-1",
                            "tags.sla": "non-prod",
                            "vpc_id": "vpc-e942d990"
                        },
                        "meta": {},
                        "tainted": false
                    },
                    "deposed": [],
                    "provider": ""
                },
                "data.aws_subnet.natdc.1": {
                    "type": "aws_subnet",
                    "depends_on": [
                        "data.aws_availability_zones.available"
                    ],
                    "primary": {
                        "id": "subnet-85ba29a9",
                        "attributes": {
                            "assign_ipv6_address_on_creation": "false",
                            "availability_zone": "us-east-1b",
                            "cidr_block": "10.125.4.0/22",
                            "default_for_az": "false",
                            "id": "subnet-85ba29a9",
                            "map_public_ip_on_launch": "false",
                            "state": "available",
                            "tags.%": "7",
                            "tags.KubernetesCluster": "us-east-1_jive-microservices-pipeline",
                            "tags.Name": "pipeline-natdc-subnet",
                            "tags.account_name": "jive-microservices-pipeline",
                            "tags.kubernetes.io/role/internal-elb": "us-east-1_jive-microservices-pipeline",
                            "tags.pipeline_phase": "pipeline",
                            "tags.region": "us-east-1",
                            "tags.sla": "non-prod",
                            "vpc_id": "vpc-e942d990"
                        },
                        "meta": {},
                        "tainted": false
                    },
                    "deposed": [],
                    "provider": ""
                },
                "data.aws_subnet.natdc.2": {
                    "type": "aws_subnet",
                    "depends_on": [
                        "data.aws_availability_zones.available"
                    ],
                    "primary": {
                        "id": "subnet-2239736a",
                        "attributes": {
                            "assign_ipv6_address_on_creation": "false",
                            "availability_zone": "us-east-1c",
                            "cidr_block": "10.125.8.0/22",
                            "default_for_az": "false",
                            "id": "subnet-2239736a",
                            "map_public_ip_on_launch": "false",
                            "state": "available",
                            "tags.%": "7",
                            "tags.KubernetesCluster": "us-east-1_jive-microservices-pipeline",
                            "tags.Name": "pipeline-natdc-subnet",
                            "tags.account_name": "jive-microservices-pipeline",
                            "tags.kubernetes.io/role/internal-elb": "us-east-1_jive-microservices-pipeline",
                            "tags.pipeline_phase": "pipeline",
                            "tags.region": "us-east-1",
                            "tags.sla": "non-prod",
                            "vpc_id": "vpc-e942d990"
                        },
                        "meta": {},
                        "tainted": false
                    },
                    "deposed": [],
                    "provider": ""
                },
                "data.aws_subnet.natdc.3": {
                    "type": "aws_subnet",
                    "depends_on": [
                        "data.aws_availability_zones.available"
                    ],
                    "primary": {
                        "id": "subnet-dd53d887",
                        "attributes": {
                            "assign_ipv6_address_on_creation": "false",
                            "availability_zone": "us-east-1d",
                            "cidr_block": "10.125.12.0/22",
                            "default_for_az": "false",
                            "id": "subnet-dd53d887",
                            "map_public_ip_on_launch": "false",
                            "state": "available",
                            "tags.%": "7",
                            "tags.KubernetesCluster": "us-east-1_jive-microservices-pipeline",
                            "tags.Name": "pipeline-natdc-subnet",
                            "tags.account_name": "jive-microservices-pipeline",
                            "tags.kubernetes.io/role/internal-elb": "us-east-1_jive-microservices-pipeline",
                            "tags.pipeline_phase": "pipeline",
                            "tags.region": "us-east-1",
                            "tags.sla": "non-prod",
                            "vpc_id": "vpc-e942d990"
                        },
                        "meta": {},
                        "tainted": false
                    },
                    "deposed": [],
                    "provider": ""
                },
                "data.aws_subnet.natdc.4": {
                    "type": "aws_subnet",
                    "depends_on": [
                        "data.aws_availability_zones.available"
                    ],
                    "primary": {
                        "id": "subnet-b115168d",
                        "attributes": {
                            "assign_ipv6_address_on_creation": "false",
                            "availability_zone": "us-east-1e",
                            "cidr_block": "10.125.16.0/22",
                            "default_for_az": "false",
                            "id": "subnet-b115168d",
                            "map_public_ip_on_launch": "false",
                            "state": "available",
                            "tags.%": "7",
                            "tags.KubernetesCluster": "us-east-1_jive-microservices-pipeline",
                            "tags.Name": "pipeline-natdc-subnet",
                            "tags.account_name": "jive-microservices-pipeline",
                            "tags.kubernetes.io/role/internal-elb": "us-east-1_jive-microservices-pipeline",
                            "tags.pipeline_phase": "pipeline",
                            "tags.region": "us-east-1",
                            "tags.sla": "non-prod",
                            "vpc_id": "vpc-e942d990"
                        },
                        "meta": {},
                        "tainted": false
                    },
                    "deposed": [],
                    "provider": ""
                },
                "data.template_file.cloud_config": {
                    "type": "template_file",
                    "depends_on": [
                        "aws_eip.k8s_master_eip",
                        "aws_elb.k8s_master",
                        "null_resource.k8s_cluster"
                    ],
                    "primary": {
                        "id": "9d55ee0ab0fca698dcc42e59a26aba1c7270546144541d6aa62874fd1d07f441",
                        "attributes": {
                            "id": "9d55ee0ab0fca698dcc42e59a26aba1c7270546144541d6aa62874fd1d07f441",
                            "rendered": "#cloud-config\ncoreos:\n  units:\n    - name: bootstrap.service\n      command: start\n      content: |\n        [Unit]\n        Requires=early-docker.service\n        After=early-docker.service\n        Description=Bootstraps the node\n        [Service]\n        Environment=\"DOCKER_HOST=unix:///var/run/early-docker.sock\"\n        Type=oneshot\n        RemainAfterExit=yes\n        ExecStart=/root/bootstrap.sh\n    - name: settimezone.service\n      command: start\n      content: |\n        [Unit]\n        Description=Set the timezone\n        [Service]\n        ExecStart=/usr/bin/timedatectl set-timezone UTC\n        RemainAfterExit=yes\n        Type=oneshot\nupdate:\n    reboot-strategy: off\nssh_authorized_keys:\n  - ssh-rsa AAAAB3NzaC1yc2EAAAADAQABAAABAQDLL9/j78fuWI5+pgZwgIns+FKiKpEtUcI8dBpLXJOhn2pQP7tF7cdhfbcNjynqZxfGsmnc1gatvR4j+UmYRIa0WFdwL8H2bhWnBrH7LLLHZzbbaN0Tbdw0MaQDDr+PFOaaBeuYHuS+wmWu+HjTcd6VGnoeKdHVpoWeo0/dbvwp0IpTEFzI/xiQ/28/hStFP5da/CXORjtvTgFAqSxU6932yZAL+MQE8MStw/xJiDKYdM4sKqzlNskFuIR0v8GDcWVMYj5bq4RQfLBbkWq1knG0GXX27m6nP/xw11swa3wmNM6dKkGCJldJqpHNkOHurtfmZb6BBOkdZ78Abz1S9RuF\nwrite_files:\n  - path: /etc/hosts\n    permissions: 0644\n    content: |\n      10.160.4.127 docker.phx1.jivehosted.com\n      10.160.70.25 pulp-slave\nwrite_files:\n  - path: /root/parse_manifest.sh\n    permissions: 0755\n    content: |\n      #!/usr/bin/bash\n      jq -c '.clusters[] | select(.clusterName == \"us-east-1_jive-microservices-pipeline\") | .ansibleImageVersion' /tmp/cluster_manifest.json\nwrite_files:\n  - path: /root/pam_workaround.sh\n    permissions: 0755\n    content: |\n      #!/usr/bin/bash\n      if [[ -d /lib/pam.d ]]; then\n        rsync -a /lib/pam.d/ /etc/pam.d/\n        sed -i '/pam_systemd.so/d' /etc/pam.d/*\n        sed -i '/pam_nologin.so/d' /etc/pam.d/*\n      fi\nwrite_files:\n  - path: /root/bootstrap.sh\n    permissions: 0755\n    content: |\n      #!/usr/bin/bash\n      #\n      if [ -f /etc/coreos/update.conf ] ; then\n        rm  /etc/coreos/update.conf\n      fi\n\n      declare -r ansible_bucket=https://s3-us-west-2.amazonaws.com/jive-ansible-coreos-jive-infra-prod-usw2\n\n      # Get cluster manifest from S3 bucket\n      curl -XGET -s \\\n      --retry 3 \\\n      --retry-delay 5 \\\n      ${ansible_bucket}/cluster_manifest.json \\\n      --output /tmp/cluster_manifest.json\n\n      # Get ansible-coreos bootstrap script from S3 bucket\n      curl -XGET -s \\\n      --retry 3 \\\n      --retry-delay 5 \\\n      ${ansible_bucket}/run-ansible-container.sh \\\n      --output /tmp/run-ansible-container.sh\n\n      declare -r docker_image=$(bash /root/parse_manifest.sh | sed 's/\"//g')\n      bash -vx /root/pam_workaround.sh\n      bash -vx /tmp/run-ansible-container.sh ${docker_image}\n\n      exit 0\n\n# MASTER_EIP_ALLOC and ELB_NAME are passed from Terraform\n#MASTER_EIP_ALLOC:eipalloc-d4651be7\n",
                            "template": "#cloud-config\ncoreos:\n  units:\n    - name: bootstrap.service\n      command: start\n      content: |\n        [Unit]\n        Requires=early-docker.service\n        After=early-docker.service\n        Description=Bootstraps the node\n        [Service]\n        Environment=\"DOCKER_HOST=unix:///var/run/early-docker.sock\"\n        Type=oneshot\n        RemainAfterExit=yes\n        ExecStart=/root/bootstrap.sh\n    - name: settimezone.service\n      command: start\n      content: |\n        [Unit]\n        Description=Set the timezone\n        [Service]\n        ExecStart=/usr/bin/timedatectl set-timezone UTC\n        RemainAfterExit=yes\n        Type=oneshot\nupdate:\n    reboot-strategy: off\nssh_authorized_keys:\n  - ${COREOS_AUTHKEY}\nwrite_files:\n  - path: /etc/hosts\n    permissions: 0644\n    content: |\n      ${DOCKER_REGISTRY}\n      ${PHX_PULP}\nwrite_files:\n  - path: /root/parse_manifest.sh\n    permissions: 0755\n    content: |\n      #!/usr/bin/bash\n      jq -c '.clusters[] | select(.clusterName == \"${KubernetesCluster}\") | .ansibleImageVersion' /tmp/cluster_manifest.json\nwrite_files:\n  - path: /root/pam_workaround.sh\n    permissions: 0755\n    content: |\n      #!/usr/bin/bash\n      if [[ -d /lib/pam.d ]]; then\n        rsync -a /lib/pam.d/ /etc/pam.d/\n        sed -i '/pam_systemd.so/d' /etc/pam.d/*\n        sed -i '/pam_nologin.so/d' /etc/pam.d/*\n      fi\nwrite_files:\n  - path: /root/bootstrap.sh\n    permissions: 0755\n    content: |\n      #!/usr/bin/bash\n      #\n      if [ -f /etc/coreos/update.conf ] ; then\n        rm  /etc/coreos/update.conf\n      fi\n\n      declare -r ansible_bucket=${ANSIBLE_BUCKET}\n\n      # Get cluster manifest from S3 bucket\n      curl -XGET -s \\\n      --retry 3 \\\n      --retry-delay 5 \\\n      $${ansible_bucket}/cluster_manifest.json \\\n      --output /tmp/cluster_manifest.json\n\n      # Get ansible-coreos bootstrap script from S3 bucket\n      curl -XGET -s \\\n      --retry 3 \\\n      --retry-delay 5 \\\n      $${ansible_bucket}/run-ansible-container.sh \\\n      --output /tmp/run-ansible-container.sh\n\n      declare -r docker_image=$$(bash /root/parse_manifest.sh | sed 's/\"//g')\n      bash -vx /root/pam_workaround.sh\n      bash -vx /tmp/run-ansible-container.sh $${docker_image}\n\n      exit 0\n\n# MASTER_EIP_ALLOC and ELB_NAME are passed from Terraform\n#MASTER_EIP_ALLOC:${MASTER_EIP_ALLOC}\n",
                            "vars.%": "7",
                            "vars.ANSIBLE_BUCKET": "https://s3-us-west-2.amazonaws.com/jive-ansible-coreos-jive-infra-prod-usw2",
                            "vars.COREOS_AUTHKEY": "ssh-rsa AAAAB3NzaC1yc2EAAAADAQABAAABAQDLL9/j78fuWI5+pgZwgIns+FKiKpEtUcI8dBpLXJOhn2pQP7tF7cdhfbcNjynqZxfGsmnc1gatvR4j+UmYRIa0WFdwL8H2bhWnBrH7LLLHZzbbaN0Tbdw0MaQDDr+PFOaaBeuYHuS+wmWu+HjTcd6VGnoeKdHVpoWeo0/dbvwp0IpTEFzI/xiQ/28/hStFP5da/CXORjtvTgFAqSxU6932yZAL+MQE8MStw/xJiDKYdM4sKqzlNskFuIR0v8GDcWVMYj5bq4RQfLBbkWq1knG0GXX27m6nP/xw11swa3wmNM6dKkGCJldJqpHNkOHurtfmZb6BBOkdZ78Abz1S9RuF",
                            "vars.DOCKER_REGISTRY": "10.160.4.127 docker.phx1.jivehosted.com",
                            "vars.ELB_NAME": "pipeline-k8s-master-elb",
                            "vars.KubernetesCluster": "us-east-1_jive-microservices-pipeline",
                            "vars.MASTER_EIP_ALLOC": "eipalloc-d4651be7",
                            "vars.PHX_PULP": "10.160.70.25 pulp-slave"
                        },
                        "meta": {},
                        "tainted": false
                    },
                    "deposed": [],
                    "provider": ""
                },
                "null_resource.k8s_cluster": {
                    "type": "null_resource",
                    "depends_on": [],
                    "primary": {
                        "id": "4433309239111229682",
                        "attributes": {
                            "id": "4433309239111229682",
                            "triggers.%": "1",
                            "triggers.name": "us-east-1_jive-microservices-pipeline"
                        },
                        "meta": {},
                        "tainted": false
                    },
                    "deposed": [],
                    "provider": ""
                }
            },
            "depends_on": []
        }
    ]
}
