{
    "version": 3,
    "terraform_version": "0.9.4",
    "serial": 9,
    "lineage": "f7a44722-d6af-42fd-ba87-34e8a4ff897f",
    "modules": [
        {
            "path": [
                "root"
            ],
            "outputs": {},
            "resources": {
                "aws_eip.natgw.0": {
                    "type": "aws_eip",
                    "depends_on": [],
                    "primary": {
                        "id": "eipalloc-9deef9ad",
                        "attributes": {
                            "association_id": "eipassoc-985878aa",
                            "domain": "vpc",
                            "id": "eipalloc-9deef9ad",
                            "instance": "",
                            "network_interface": "eni-974fe238",
                            "private_ip": "10.126.26.156",
                            "public_ip": "34.197.78.103",
                            "vpc": "true"
                        },
                        "meta": {},
                        "tainted": false
                    },
                    "deposed": [],
                    "provider": ""
                },
                "aws_eip.natgw.1": {
                    "type": "aws_eip",
                    "depends_on": [],
                    "primary": {
                        "id": "eipalloc-9de4f3ad",
                        "attributes": {
                            "association_id": "eipassoc-a45d7d96",
                            "domain": "vpc",
                            "id": "eipalloc-9de4f3ad",
                            "instance": "",
                            "network_interface": "eni-5db7e68e",
                            "private_ip": "10.126.26.167",
                            "public_ip": "34.228.51.170",
                            "vpc": "true"
                        },
                        "meta": {},
                        "tainted": false
                    },
                    "deposed": [],
                    "provider": ""
                },
                "aws_eip.natgw.2": {
                    "type": "aws_eip",
                    "depends_on": [],
                    "primary": {
                        "id": "eipalloc-0eeef93e",
                        "attributes": {
                            "association_id": "eipassoc-e95c7cdb",
                            "domain": "vpc",
                            "id": "eipalloc-0eeef93e",
                            "instance": "",
                            "network_interface": "eni-33fd629a",
                            "private_ip": "10.126.26.205",
                            "public_ip": "52.202.114.241",
                            "vpc": "true"
                        },
                        "meta": {},
                        "tainted": false
                    },
                    "deposed": [],
                    "provider": ""
                },
                "aws_eip.natgw.3": {
                    "type": "aws_eip",
                    "depends_on": [],
                    "primary": {
                        "id": "eipalloc-8fe0f7bf",
                        "attributes": {
                            "association_id": "eipassoc-7858784a",
                            "domain": "vpc",
                            "id": "eipalloc-8fe0f7bf",
                            "instance": "",
                            "network_interface": "eni-1b01a50c",
                            "private_ip": "10.126.26.254",
                            "public_ip": "54.88.80.99",
                            "vpc": "true"
                        },
                        "meta": {},
                        "tainted": false
                    },
                    "deposed": [],
                    "provider": ""
                },
                "aws_eip.natgw.4": {
                    "type": "aws_eip",
                    "depends_on": [],
                    "primary": {
                        "id": "eipalloc-9ceef9ac",
                        "attributes": {
                            "association_id": "eipassoc-17577725",
                            "domain": "vpc",
                            "id": "eipalloc-9ceef9ac",
                            "instance": "",
                            "network_interface": "eni-d5f0e4d4",
                            "private_ip": "10.126.27.5",
                            "public_ip": "52.4.75.247",
                            "vpc": "true"
                        },
                        "meta": {},
                        "tainted": false
                    },
                    "deposed": [],
                    "provider": ""
                },
                "aws_internet_gateway.igw": {
                    "type": "aws_internet_gateway",
                    "depends_on": [
                        "aws_vpc.main"
                    ],
                    "primary": {
                        "id": "igw-4c35772a",
                        "attributes": {
                            "id": "igw-4c35772a",
                            "tags.%": "5",
                            "tags.Name": "release-igw",
                            "tags.account_name": "jive-reco-pipeline",
                            "tags.pipeline_phase": "release",
                            "tags.region": "us-east-1",
                            "tags.sla": "non-prod",
                            "vpc_id": "vpc-1174e968"
                        },
                        "meta": {},
                        "tainted": false
                    },
                    "deposed": [],
                    "provider": ""
                },
                "aws_nat_gateway.natgw.0": {
                    "type": "aws_nat_gateway",
                    "depends_on": [
                        "aws_eip.natgw.*",
                        "aws_internet_gateway.igw",
                        "aws_subnet.public.*"
                    ],
                    "primary": {
                        "id": "nat-030723dfdb1fcfb75",
                        "attributes": {
                            "allocation_id": "eipalloc-9deef9ad",
                            "id": "nat-030723dfdb1fcfb75",
                            "network_interface_id": "eni-974fe238",
                            "private_ip": "10.126.26.156",
                            "public_ip": "34.197.78.103",
                            "subnet_id": "subnet-e77befcb"
                        },
                        "meta": {},
                        "tainted": false
                    },
                    "deposed": [],
                    "provider": ""
                },
                "aws_nat_gateway.natgw.1": {
                    "type": "aws_nat_gateway",
                    "depends_on": [
                        "aws_eip.natgw.*",
                        "aws_internet_gateway.igw",
                        "aws_subnet.public.*"
                    ],
                    "primary": {
                        "id": "nat-0eb853dca2048cc34",
                        "attributes": {
                            "allocation_id": "eipalloc-9de4f3ad",
                            "id": "nat-0eb853dca2048cc34",
                            "network_interface_id": "eni-5db7e68e",
                            "private_ip": "10.126.26.167",
                            "public_ip": "34.228.51.170",
                            "subnet_id": "subnet-42420d0a"
                        },
                        "meta": {},
                        "tainted": false
                    },
                    "deposed": [],
                    "provider": ""
                },
                "aws_nat_gateway.natgw.2": {
                    "type": "aws_nat_gateway",
                    "depends_on": [
                        "aws_eip.natgw.*",
                        "aws_internet_gateway.igw",
                        "aws_subnet.public.*"
                    ],
                    "primary": {
                        "id": "nat-0bb7ebb9f1c50e9e7",
                        "attributes": {
                            "allocation_id": "eipalloc-0eeef93e",
                            "id": "nat-0bb7ebb9f1c50e9e7",
                            "network_interface_id": "eni-33fd629a",
                            "private_ip": "10.126.26.205",
                            "public_ip": "52.202.114.241",
                            "subnet_id": "subnet-df2ca085"
                        },
                        "meta": {},
                        "tainted": false
                    },
                    "deposed": [],
                    "provider": ""
                },
                "aws_nat_gateway.natgw.3": {
                    "type": "aws_nat_gateway",
                    "depends_on": [
                        "aws_eip.natgw.*",
                        "aws_internet_gateway.igw",
                        "aws_subnet.public.*"
                    ],
                    "primary": {
                        "id": "nat-081ba79ddb64ab084",
                        "attributes": {
                            "allocation_id": "eipalloc-8fe0f7bf",
                            "id": "nat-081ba79ddb64ab084",
                            "network_interface_id": "eni-1b01a50c",
                            "private_ip": "10.126.26.254",
                            "public_ip": "54.88.80.99",
                            "subnet_id": "subnet-3323c757"
                        },
                        "meta": {},
                        "tainted": false
                    },
                    "deposed": [],
                    "provider": ""
                },
                "aws_nat_gateway.natgw.4": {
                    "type": "aws_nat_gateway",
                    "depends_on": [
                        "aws_eip.natgw.*",
                        "aws_internet_gateway.igw",
                        "aws_subnet.public.*"
                    ],
                    "primary": {
                        "id": "nat-0ede70e1ce17d2ece",
                        "attributes": {
                            "allocation_id": "eipalloc-9ceef9ac",
                            "id": "nat-0ede70e1ce17d2ece",
                            "network_interface_id": "eni-d5f0e4d4",
                            "private_ip": "10.126.27.5",
                            "public_ip": "52.4.75.247",
                            "subnet_id": "subnet-f33b3dcf"
                        },
                        "meta": {},
                        "tainted": false
                    },
                    "deposed": [],
                    "provider": ""
                },
                "aws_route.bastion_natdc.0": {
                    "type": "aws_route",
                    "depends_on": [
                        "aws_route_table.natdc.*",
                        "aws_vpc_peering_connection.infra"
                    ],
                    "primary": {
                        "id": "r-rtb-f0ba9a881370263902",
                        "attributes": {
                            "destination_cidr_block": "10.127.49.7/32",
                            "destination_prefix_list_id": "",
                            "egress_only_gateway_id": "",
                            "gateway_id": "",
                            "id": "r-rtb-f0ba9a881370263902",
                            "instance_id": "",
                            "instance_owner_id": "",
                            "nat_gateway_id": "",
                            "network_interface_id": "",
                            "origin": "CreateRoute",
                            "route_table_id": "rtb-f0ba9a88",
                            "state": "active",
                            "vpc_peering_connection_id": "pcx-04c2b36d"
                        },
                        "meta": {},
                        "tainted": false
                    },
                    "deposed": [],
                    "provider": ""
                },
                "aws_route.bastion_natdc.1": {
                    "type": "aws_route",
                    "depends_on": [
                        "aws_route_table.natdc.*",
                        "aws_vpc_peering_connection.infra"
                    ],
                    "primary": {
                        "id": "r-rtb-6db999151370263902",
                        "attributes": {
                            "destination_cidr_block": "10.127.49.7/32",
                            "destination_prefix_list_id": "",
                            "egress_only_gateway_id": "",
                            "gateway_id": "",
                            "id": "r-rtb-6db999151370263902",
                            "instance_id": "",
                            "instance_owner_id": "",
                            "nat_gateway_id": "",
                            "network_interface_id": "",
                            "origin": "CreateRoute",
                            "route_table_id": "rtb-6db99915",
                            "state": "active",
                            "vpc_peering_connection_id": "pcx-04c2b36d"
                        },
                        "meta": {},
                        "tainted": false
                    },
                    "deposed": [],
                    "provider": ""
                },
                "aws_route.bastion_natdc.2": {
                    "type": "aws_route",
                    "depends_on": [
                        "aws_route_table.natdc.*",
                        "aws_vpc_peering_connection.infra"
                    ],
                    "primary": {
                        "id": "r-rtb-29b898511370263902",
                        "attributes": {
                            "destination_cidr_block": "10.127.49.7/32",
                            "destination_prefix_list_id": "",
                            "egress_only_gateway_id": "",
                            "gateway_id": "",
                            "id": "r-rtb-29b898511370263902",
                            "instance_id": "",
                            "instance_owner_id": "",
                            "nat_gateway_id": "",
                            "network_interface_id": "",
                            "origin": "CreateRoute",
                            "route_table_id": "rtb-29b89851",
                            "state": "active",
                            "vpc_peering_connection_id": "pcx-04c2b36d"
                        },
                        "meta": {},
                        "tainted": false
                    },
                    "deposed": [],
                    "provider": ""
                },
                "aws_route.bastion_natdc.3": {
                    "type": "aws_route",
                    "depends_on": [
                        "aws_route_table.natdc.*",
                        "aws_vpc_peering_connection.infra"
                    ],
                    "primary": {
                        "id": "r-rtb-6281a11a1370263902",
                        "attributes": {
                            "destination_cidr_block": "10.127.49.7/32",
                            "destination_prefix_list_id": "",
                            "egress_only_gateway_id": "",
                            "gateway_id": "",
                            "id": "r-rtb-6281a11a1370263902",
                            "instance_id": "",
                            "instance_owner_id": "",
                            "nat_gateway_id": "",
                            "network_interface_id": "",
                            "origin": "CreateRoute",
                            "route_table_id": "rtb-6281a11a",
                            "state": "active",
                            "vpc_peering_connection_id": "pcx-04c2b36d"
                        },
                        "meta": {},
                        "tainted": false
                    },
                    "deposed": [],
                    "provider": ""
                },
                "aws_route.bastion_natdc.4": {
                    "type": "aws_route",
                    "depends_on": [
                        "aws_route_table.natdc.*",
                        "aws_vpc_peering_connection.infra"
                    ],
                    "primary": {
                        "id": "r-rtb-bebb9bc61370263902",
                        "attributes": {
                            "destination_cidr_block": "10.127.49.7/32",
                            "destination_prefix_list_id": "",
                            "egress_only_gateway_id": "",
                            "gateway_id": "",
                            "id": "r-rtb-bebb9bc61370263902",
                            "instance_id": "",
                            "instance_owner_id": "",
                            "nat_gateway_id": "",
                            "network_interface_id": "",
                            "origin": "CreateRoute",
                            "route_table_id": "rtb-bebb9bc6",
                            "state": "active",
                            "vpc_peering_connection_id": "pcx-04c2b36d"
                        },
                        "meta": {},
                        "tainted": false
                    },
                    "deposed": [],
                    "provider": ""
                },
                "aws_route.bastion_private": {
                    "type": "aws_route",
                    "depends_on": [
                        "aws_route_table.private",
                        "aws_vpc_peering_connection.infra"
                    ],
                    "primary": {
                        "id": "r-rtb-5bb797231370263902",
                        "attributes": {
                            "destination_cidr_block": "10.127.49.7/32",
                            "destination_prefix_list_id": "",
                            "egress_only_gateway_id": "",
                            "gateway_id": "",
                            "id": "r-rtb-5bb797231370263902",
                            "instance_id": "",
                            "instance_owner_id": "",
                            "nat_gateway_id": "",
                            "network_interface_id": "",
                            "origin": "CreateRoute",
                            "route_table_id": "rtb-5bb79723",
                            "state": "active",
                            "vpc_peering_connection_id": "pcx-04c2b36d"
                        },
                        "meta": {},
                        "tainted": false
                    },
                    "deposed": [],
                    "provider": ""
                },
                "aws_route.bastion_public": {
                    "type": "aws_route",
                    "depends_on": [
                        "aws_route_table.public",
                        "aws_vpc_peering_connection.infra"
                    ],
                    "primary": {
                        "id": "r-rtb-7083a3081370263902",
                        "attributes": {
                            "destination_cidr_block": "10.127.49.7/32",
                            "destination_prefix_list_id": "",
                            "egress_only_gateway_id": "",
                            "gateway_id": "",
                            "id": "r-rtb-7083a3081370263902",
                            "instance_id": "",
                            "instance_owner_id": "",
                            "nat_gateway_id": "",
                            "network_interface_id": "",
                            "origin": "CreateRoute",
                            "route_table_id": "rtb-7083a308",
                            "state": "active",
                            "vpc_peering_connection_id": "pcx-04c2b36d"
                        },
                        "meta": {},
                        "tainted": false
                    },
                    "deposed": [],
                    "provider": ""
                },
                "aws_route.infra_natdc.0": {
                    "type": "aws_route",
                    "depends_on": [
                        "aws_vpc_peering_connection.infra"
                    ],
                    "primary": {
                        "id": "r-rtb-efc5e597492153345",
                        "attributes": {
                            "destination_cidr_block": "10.126.24.0/22",
                            "destination_prefix_list_id": "",
                            "egress_only_gateway_id": "",
                            "gateway_id": "",
                            "id": "r-rtb-efc5e597492153345",
                            "instance_id": "",
                            "instance_owner_id": "",
                            "nat_gateway_id": "",
                            "network_interface_id": "",
                            "origin": "CreateRoute",
                            "route_table_id": "rtb-efc5e597",
                            "state": "active",
                            "vpc_peering_connection_id": "pcx-04c2b36d"
                        },
                        "meta": {},
                        "tainted": false
                    },
                    "deposed": [],
                    "provider": ""
                },
                "aws_route.infra_natdc.1": {
                    "type": "aws_route",
                    "depends_on": [
                        "aws_vpc_peering_connection.infra"
                    ],
                    "primary": {
                        "id": "r-rtb-84caeafc492153345",
                        "attributes": {
                            "destination_cidr_block": "10.126.24.0/22",
                            "destination_prefix_list_id": "",
                            "egress_only_gateway_id": "",
                            "gateway_id": "",
                            "id": "r-rtb-84caeafc492153345",
                            "instance_id": "",
                            "instance_owner_id": "",
                            "nat_gateway_id": "",
                            "network_interface_id": "",
                            "origin": "CreateRoute",
                            "route_table_id": "rtb-84caeafc",
                            "state": "active",
                            "vpc_peering_connection_id": "pcx-04c2b36d"
                        },
                        "meta": {},
                        "tainted": false
                    },
                    "deposed": [],
                    "provider": ""
                },
                "aws_route.infra_natdc.2": {
                    "type": "aws_route",
                    "depends_on": [
                        "aws_vpc_peering_connection.infra"
                    ],
                    "primary": {
                        "id": "r-rtb-2fc3e357492153345",
                        "attributes": {
                            "destination_cidr_block": "10.126.24.0/22",
                            "destination_prefix_list_id": "",
                            "egress_only_gateway_id": "",
                            "gateway_id": "",
                            "id": "r-rtb-2fc3e357492153345",
                            "instance_id": "",
                            "instance_owner_id": "",
                            "nat_gateway_id": "",
                            "network_interface_id": "",
                            "origin": "CreateRoute",
                            "route_table_id": "rtb-2fc3e357",
                            "state": "active",
                            "vpc_peering_connection_id": "pcx-04c2b36d"
                        },
                        "meta": {},
                        "tainted": false
                    },
                    "deposed": [],
                    "provider": ""
                },
                "aws_route.infra_natdc.3": {
                    "type": "aws_route",
                    "depends_on": [
                        "aws_vpc_peering_connection.infra"
                    ],
                    "primary": {
                        "id": "r-rtb-99af8fe1492153345",
                        "attributes": {
                            "destination_cidr_block": "10.126.24.0/22",
                            "destination_prefix_list_id": "",
                            "egress_only_gateway_id": "",
                            "gateway_id": "",
                            "id": "r-rtb-99af8fe1492153345",
                            "instance_id": "",
                            "instance_owner_id": "",
                            "nat_gateway_id": "",
                            "network_interface_id": "",
                            "origin": "CreateRoute",
                            "route_table_id": "rtb-99af8fe1",
                            "state": "active",
                            "vpc_peering_connection_id": "pcx-04c2b36d"
                        },
                        "meta": {},
                        "tainted": false
                    },
                    "deposed": [],
                    "provider": ""
                },
                "aws_route.infra_natdc.4": {
                    "type": "aws_route",
                    "depends_on": [
                        "aws_vpc_peering_connection.infra"
                    ],
                    "primary": {
                        "id": "r-rtb-93ad8deb492153345",
                        "attributes": {
                            "destination_cidr_block": "10.126.24.0/22",
                            "destination_prefix_list_id": "",
                            "egress_only_gateway_id": "",
                            "gateway_id": "",
                            "id": "r-rtb-93ad8deb492153345",
                            "instance_id": "",
                            "instance_owner_id": "",
                            "nat_gateway_id": "",
                            "network_interface_id": "",
                            "origin": "CreateRoute",
                            "route_table_id": "rtb-93ad8deb",
                            "state": "active",
                            "vpc_peering_connection_id": "pcx-04c2b36d"
                        },
                        "meta": {},
                        "tainted": false
                    },
                    "deposed": [],
                    "provider": ""
                },
                "aws_route.infra_private": {
                    "type": "aws_route",
                    "depends_on": [
                        "aws_vpc_peering_connection.infra"
                    ],
                    "primary": {
                        "id": "r-rtb-36c3e34e492153345",
                        "attributes": {
                            "destination_cidr_block": "10.126.24.0/22",
                            "destination_prefix_list_id": "",
                            "egress_only_gateway_id": "",
                            "gateway_id": "",
                            "id": "r-rtb-36c3e34e492153345",
                            "instance_id": "",
                            "instance_owner_id": "",
                            "nat_gateway_id": "",
                            "network_interface_id": "",
                            "origin": "CreateRoute",
                            "route_table_id": "rtb-36c3e34e",
                            "state": "active",
                            "vpc_peering_connection_id": "pcx-04c2b36d"
                        },
                        "meta": {},
                        "tainted": false
                    },
                    "deposed": [],
                    "provider": ""
                },
                "aws_route.infra_public": {
                    "type": "aws_route",
                    "depends_on": [
                        "aws_vpc_peering_connection.infra"
                    ],
                    "primary": {
                        "id": "r-rtb-69c9e911492153345",
                        "attributes": {
                            "destination_cidr_block": "10.126.24.0/22",
                            "destination_prefix_list_id": "",
                            "egress_only_gateway_id": "",
                            "gateway_id": "",
                            "id": "r-rtb-69c9e911492153345",
                            "instance_id": "",
                            "instance_owner_id": "",
                            "nat_gateway_id": "",
                            "network_interface_id": "",
                            "origin": "CreateRoute",
                            "route_table_id": "rtb-69c9e911",
                            "state": "active",
                            "vpc_peering_connection_id": "pcx-04c2b36d"
                        },
                        "meta": {},
                        "tainted": false
                    },
                    "deposed": [],
                    "provider": ""
                },
                "aws_route.microservices_jcx_natdc.0": {
                    "type": "aws_route",
                    "depends_on": [
                        "aws_route_table.natdc.*"
                    ],
                    "primary": {
                        "id": "r-rtb-f0ba9a882233008665",
                        "attributes": {
                            "destination_cidr_block": "10.125.96.0/20",
                            "destination_prefix_list_id": "",
                            "egress_only_gateway_id": "",
                            "gateway_id": "",
                            "id": "r-rtb-f0ba9a882233008665",
                            "instance_id": "",
                            "instance_owner_id": "",
                            "nat_gateway_id": "",
                            "network_interface_id": "",
                            "origin": "CreateRoute",
                            "route_table_id": "rtb-f0ba9a88",
                            "state": "active",
                            "vpc_peering_connection_id": "pcx-a37b08ca"
                        },
                        "meta": {},
                        "tainted": false
                    },
                    "deposed": [],
                    "provider": ""
                },
                "aws_route.microservices_jcx_natdc.1": {
                    "type": "aws_route",
                    "depends_on": [
                        "aws_route_table.natdc.*"
                    ],
                    "primary": {
                        "id": "r-rtb-6db999152233008665",
                        "attributes": {
                            "destination_cidr_block": "10.125.96.0/20",
                            "destination_prefix_list_id": "",
                            "egress_only_gateway_id": "",
                            "gateway_id": "",
                            "id": "r-rtb-6db999152233008665",
                            "instance_id": "",
                            "instance_owner_id": "",
                            "nat_gateway_id": "",
                            "network_interface_id": "",
                            "origin": "CreateRoute",
                            "route_table_id": "rtb-6db99915",
                            "state": "active",
                            "vpc_peering_connection_id": "pcx-a37b08ca"
                        },
                        "meta": {},
                        "tainted": false
                    },
                    "deposed": [],
                    "provider": ""
                },
                "aws_route.microservices_jcx_natdc.2": {
                    "type": "aws_route",
                    "depends_on": [
                        "aws_route_table.natdc.*"
                    ],
                    "primary": {
                        "id": "r-rtb-29b898512233008665",
                        "attributes": {
                            "destination_cidr_block": "10.125.96.0/20",
                            "destination_prefix_list_id": "",
                            "egress_only_gateway_id": "",
                            "gateway_id": "",
                            "id": "r-rtb-29b898512233008665",
                            "instance_id": "",
                            "instance_owner_id": "",
                            "nat_gateway_id": "",
                            "network_interface_id": "",
                            "origin": "CreateRoute",
                            "route_table_id": "rtb-29b89851",
                            "state": "active",
                            "vpc_peering_connection_id": "pcx-a37b08ca"
                        },
                        "meta": {},
                        "tainted": false
                    },
                    "deposed": [],
                    "provider": ""
                },
                "aws_route.microservices_jcx_natdc.3": {
                    "type": "aws_route",
                    "depends_on": [
                        "aws_route_table.natdc.*"
                    ],
                    "primary": {
                        "id": "r-rtb-6281a11a2233008665",
                        "attributes": {
                            "destination_cidr_block": "10.125.96.0/20",
                            "destination_prefix_list_id": "",
                            "egress_only_gateway_id": "",
                            "gateway_id": "",
                            "id": "r-rtb-6281a11a2233008665",
                            "instance_id": "",
                            "instance_owner_id": "",
                            "nat_gateway_id": "",
                            "network_interface_id": "",
                            "origin": "CreateRoute",
                            "route_table_id": "rtb-6281a11a",
                            "state": "active",
                            "vpc_peering_connection_id": "pcx-a37b08ca"
                        },
                        "meta": {},
                        "tainted": false
                    },
                    "deposed": [],
                    "provider": ""
                },
                "aws_route.microservices_jcx_natdc.4": {
                    "type": "aws_route",
                    "depends_on": [
                        "aws_route_table.natdc.*"
                    ],
                    "primary": {
                        "id": "r-rtb-bebb9bc62233008665",
                        "attributes": {
                            "destination_cidr_block": "10.125.96.0/20",
                            "destination_prefix_list_id": "",
                            "egress_only_gateway_id": "",
                            "gateway_id": "",
                            "id": "r-rtb-bebb9bc62233008665",
                            "instance_id": "",
                            "instance_owner_id": "",
                            "nat_gateway_id": "",
                            "network_interface_id": "",
                            "origin": "CreateRoute",
                            "route_table_id": "rtb-bebb9bc6",
                            "state": "active",
                            "vpc_peering_connection_id": "pcx-a37b08ca"
                        },
                        "meta": {},
                        "tainted": false
                    },
                    "deposed": [],
                    "provider": ""
                },
                "aws_route.microservices_jcx_private": {
                    "type": "aws_route",
                    "depends_on": [
                        "aws_route_table.private"
                    ],
                    "primary": {
                        "id": "r-rtb-5bb797232233008665",
                        "attributes": {
                            "destination_cidr_block": "10.125.96.0/20",
                            "destination_prefix_list_id": "",
                            "egress_only_gateway_id": "",
                            "gateway_id": "",
                            "id": "r-rtb-5bb797232233008665",
                            "instance_id": "",
                            "instance_owner_id": "",
                            "nat_gateway_id": "",
                            "network_interface_id": "",
                            "origin": "CreateRoute",
                            "route_table_id": "rtb-5bb79723",
                            "state": "active",
                            "vpc_peering_connection_id": "pcx-a37b08ca"
                        },
                        "meta": {},
                        "tainted": false
                    },
                    "deposed": [],
                    "provider": ""
                },
                "aws_route.microservices_jcx_public": {
                    "type": "aws_route",
                    "depends_on": [
                        "aws_route_table.public"
                    ],
                    "primary": {
                        "id": "r-rtb-7083a3082233008665",
                        "attributes": {
                            "destination_cidr_block": "10.125.96.0/20",
                            "destination_prefix_list_id": "",
                            "egress_only_gateway_id": "",
                            "gateway_id": "",
                            "id": "r-rtb-7083a3082233008665",
                            "instance_id": "",
                            "instance_owner_id": "",
                            "nat_gateway_id": "",
                            "network_interface_id": "",
                            "origin": "CreateRoute",
                            "route_table_id": "rtb-7083a308",
                            "state": "active",
                            "vpc_peering_connection_id": "pcx-a37b08ca"
                        },
                        "meta": {},
                        "tainted": false
                    },
                    "deposed": [],
                    "provider": ""
                },
                "aws_route.microservices_natdc.0": {
                    "type": "aws_route",
                    "depends_on": [
                        "aws_route_table.natdc.*"
                    ],
                    "primary": {
                        "id": "r-rtb-f0ba9a883773308537",
                        "attributes": {
                            "destination_cidr_block": "10.125.0.0/19",
                            "destination_prefix_list_id": "",
                            "egress_only_gateway_id": "",
                            "gateway_id": "",
                            "id": "r-rtb-f0ba9a883773308537",
                            "instance_id": "",
                            "instance_owner_id": "",
                            "nat_gateway_id": "",
                            "network_interface_id": "",
                            "origin": "CreateRoute",
                            "route_table_id": "rtb-f0ba9a88",
                            "state": "active",
                            "vpc_peering_connection_id": "pcx-e9780b80"
                        },
                        "meta": {},
                        "tainted": false
                    },
                    "deposed": [],
                    "provider": ""
                },
                "aws_route.microservices_natdc.1": {
                    "type": "aws_route",
                    "depends_on": [
                        "aws_route_table.natdc.*"
                    ],
                    "primary": {
                        "id": "r-rtb-6db999153773308537",
                        "attributes": {
                            "destination_cidr_block": "10.125.0.0/19",
                            "destination_prefix_list_id": "",
                            "egress_only_gateway_id": "",
                            "gateway_id": "",
                            "id": "r-rtb-6db999153773308537",
                            "instance_id": "",
                            "instance_owner_id": "",
                            "nat_gateway_id": "",
                            "network_interface_id": "",
                            "origin": "CreateRoute",
                            "route_table_id": "rtb-6db99915",
                            "state": "active",
                            "vpc_peering_connection_id": "pcx-e9780b80"
                        },
                        "meta": {},
                        "tainted": false
                    },
                    "deposed": [],
                    "provider": ""
                },
                "aws_route.microservices_natdc.2": {
                    "type": "aws_route",
                    "depends_on": [
                        "aws_route_table.natdc.*"
                    ],
                    "primary": {
                        "id": "r-rtb-29b898513773308537",
                        "attributes": {
                            "destination_cidr_block": "10.125.0.0/19",
                            "destination_prefix_list_id": "",
                            "egress_only_gateway_id": "",
                            "gateway_id": "",
                            "id": "r-rtb-29b898513773308537",
                            "instance_id": "",
                            "instance_owner_id": "",
                            "nat_gateway_id": "",
                            "network_interface_id": "",
                            "origin": "CreateRoute",
                            "route_table_id": "rtb-29b89851",
                            "state": "active",
                            "vpc_peering_connection_id": "pcx-e9780b80"
                        },
                        "meta": {},
                        "tainted": false
                    },
                    "deposed": [],
                    "provider": ""
                },
                "aws_route.microservices_natdc.3": {
                    "type": "aws_route",
                    "depends_on": [
                        "aws_route_table.natdc.*"
                    ],
                    "primary": {
                        "id": "r-rtb-6281a11a3773308537",
                        "attributes": {
                            "destination_cidr_block": "10.125.0.0/19",
                            "destination_prefix_list_id": "",
                            "egress_only_gateway_id": "",
                            "gateway_id": "",
                            "id": "r-rtb-6281a11a3773308537",
                            "instance_id": "",
                            "instance_owner_id": "",
                            "nat_gateway_id": "",
                            "network_interface_id": "",
                            "origin": "CreateRoute",
                            "route_table_id": "rtb-6281a11a",
                            "state": "active",
                            "vpc_peering_connection_id": "pcx-e9780b80"
                        },
                        "meta": {},
                        "tainted": false
                    },
                    "deposed": [],
                    "provider": ""
                },
                "aws_route.microservices_natdc.4": {
                    "type": "aws_route",
                    "depends_on": [
                        "aws_route_table.natdc.*"
                    ],
                    "primary": {
                        "id": "r-rtb-bebb9bc63773308537",
                        "attributes": {
                            "destination_cidr_block": "10.125.0.0/19",
                            "destination_prefix_list_id": "",
                            "egress_only_gateway_id": "",
                            "gateway_id": "",
                            "id": "r-rtb-bebb9bc63773308537",
                            "instance_id": "",
                            "instance_owner_id": "",
                            "nat_gateway_id": "",
                            "network_interface_id": "",
                            "origin": "CreateRoute",
                            "route_table_id": "rtb-bebb9bc6",
                            "state": "active",
                            "vpc_peering_connection_id": "pcx-e9780b80"
                        },
                        "meta": {},
                        "tainted": false
                    },
                    "deposed": [],
                    "provider": ""
                },
                "aws_route.microservices_private": {
                    "type": "aws_route",
                    "depends_on": [
                        "aws_route_table.private"
                    ],
                    "primary": {
                        "id": "r-rtb-5bb797233773308537",
                        "attributes": {
                            "destination_cidr_block": "10.125.0.0/19",
                            "destination_prefix_list_id": "",
                            "egress_only_gateway_id": "",
                            "gateway_id": "",
                            "id": "r-rtb-5bb797233773308537",
                            "instance_id": "",
                            "instance_owner_id": "",
                            "nat_gateway_id": "",
                            "network_interface_id": "",
                            "origin": "CreateRoute",
                            "route_table_id": "rtb-5bb79723",
                            "state": "active",
                            "vpc_peering_connection_id": "pcx-e9780b80"
                        },
                        "meta": {},
                        "tainted": false
                    },
                    "deposed": [],
                    "provider": ""
                },
                "aws_route.microservices_public": {
                    "type": "aws_route",
                    "depends_on": [
                        "aws_route_table.public"
                    ],
                    "primary": {
                        "id": "r-rtb-7083a3083773308537",
                        "attributes": {
                            "destination_cidr_block": "10.125.0.0/19",
                            "destination_prefix_list_id": "",
                            "egress_only_gateway_id": "",
                            "gateway_id": "",
                            "id": "r-rtb-7083a3083773308537",
                            "instance_id": "",
                            "instance_owner_id": "",
                            "nat_gateway_id": "",
                            "network_interface_id": "",
                            "origin": "CreateRoute",
                            "route_table_id": "rtb-7083a308",
                            "state": "active",
                            "vpc_peering_connection_id": "pcx-e9780b80"
                        },
                        "meta": {},
                        "tainted": false
                    },
                    "deposed": [],
                    "provider": ""
                },
                "aws_route53_zone_association.route53": {
                    "type": "aws_route53_zone_association",
                    "depends_on": [
                        "aws_vpc.main"
                    ],
                    "primary": {
                        "id": "Z17UOFXP4LI2IE:vpc-1174e968",
                        "attributes": {
                            "id": "Z17UOFXP4LI2IE:vpc-1174e968",
                            "vpc_id": "vpc-1174e968",
                            "vpc_region": "us-east-1",
                            "zone_id": "Z17UOFXP4LI2IE"
                        },
                        "meta": {},
                        "tainted": false
                    },
                    "deposed": [],
                    "provider": ""
                },
                "aws_route_table.natdc.0": {
                    "type": "aws_route_table",
                    "depends_on": [
                        "aws_nat_gateway.natgw.*",
                        "aws_vpc.main",
                        "aws_vpn_gateway.vgw"
                    ],
                    "primary": {
                        "id": "rtb-f0ba9a88",
                        "attributes": {
                            "id": "rtb-f0ba9a88",
                            "propagating_vgws.#": "1",
                            "propagating_vgws.1226001846": "vgw-ea8b6083",
                            "route.#": "4",
                            "route.1293249397.cidr_block": "0.0.0.0/0",
                            "route.1293249397.egress_only_gateway_id": "",
                            "route.1293249397.gateway_id": "",
                            "route.1293249397.instance_id": "",
                            "route.1293249397.ipv6_cidr_block": "",
                            "route.1293249397.nat_gateway_id": "nat-030723dfdb1fcfb75",
                            "route.1293249397.network_interface_id": "",
                            "route.1293249397.vpc_peering_connection_id": "",
                            "route.1714055540.cidr_block": "10.125.0.0/19",
                            "route.1714055540.egress_only_gateway_id": "",
                            "route.1714055540.gateway_id": "",
                            "route.1714055540.instance_id": "",
                            "route.1714055540.ipv6_cidr_block": "",
                            "route.1714055540.nat_gateway_id": "",
                            "route.1714055540.network_interface_id": "",
                            "route.1714055540.vpc_peering_connection_id": "pcx-e9780b80",
                            "route.2383285341.cidr_block": "10.125.96.0/20",
                            "route.2383285341.egress_only_gateway_id": "",
                            "route.2383285341.gateway_id": "",
                            "route.2383285341.instance_id": "",
                            "route.2383285341.ipv6_cidr_block": "",
                            "route.2383285341.nat_gateway_id": "",
                            "route.2383285341.network_interface_id": "",
                            "route.2383285341.vpc_peering_connection_id": "pcx-a37b08ca",
                            "route.3635665043.cidr_block": "10.127.49.7/32",
                            "route.3635665043.egress_only_gateway_id": "",
                            "route.3635665043.gateway_id": "",
                            "route.3635665043.instance_id": "",
                            "route.3635665043.ipv6_cidr_block": "",
                            "route.3635665043.nat_gateway_id": "",
                            "route.3635665043.network_interface_id": "",
                            "route.3635665043.vpc_peering_connection_id": "pcx-04c2b36d",
                            "tags.%": "5",
                            "tags.Name": "release-natdc-routetable",
                            "tags.account_name": "jive-reco-pipeline",
                            "tags.pipeline_phase": "release",
                            "tags.region": "us-east-1",
                            "tags.sla": "non-prod",
                            "vpc_id": "vpc-1174e968"
                        },
                        "meta": {},
                        "tainted": false
                    },
                    "deposed": [],
                    "provider": ""
                },
                "aws_route_table.natdc.1": {
                    "type": "aws_route_table",
                    "depends_on": [
                        "aws_nat_gateway.natgw.*",
                        "aws_vpc.main",
                        "aws_vpn_gateway.vgw"
                    ],
                    "primary": {
                        "id": "rtb-6db99915",
                        "attributes": {
                            "id": "rtb-6db99915",
                            "propagating_vgws.#": "1",
                            "propagating_vgws.1226001846": "vgw-ea8b6083",
                            "route.#": "4",
                            "route.1714055540.cidr_block": "10.125.0.0/19",
                            "route.1714055540.egress_only_gateway_id": "",
                            "route.1714055540.gateway_id": "",
                            "route.1714055540.instance_id": "",
                            "route.1714055540.ipv6_cidr_block": "",
                            "route.1714055540.nat_gateway_id": "",
                            "route.1714055540.network_interface_id": "",
                            "route.1714055540.vpc_peering_connection_id": "pcx-e9780b80",
                            "route.2383285341.cidr_block": "10.125.96.0/20",
                            "route.2383285341.egress_only_gateway_id": "",
                            "route.2383285341.gateway_id": "",
                            "route.2383285341.instance_id": "",
                            "route.2383285341.ipv6_cidr_block": "",
                            "route.2383285341.nat_gateway_id": "",
                            "route.2383285341.network_interface_id": "",
                            "route.2383285341.vpc_peering_connection_id": "pcx-a37b08ca",
                            "route.3057840833.cidr_block": "0.0.0.0/0",
                            "route.3057840833.egress_only_gateway_id": "",
                            "route.3057840833.gateway_id": "",
                            "route.3057840833.instance_id": "",
                            "route.3057840833.ipv6_cidr_block": "",
                            "route.3057840833.nat_gateway_id": "nat-0eb853dca2048cc34",
                            "route.3057840833.network_interface_id": "",
                            "route.3057840833.vpc_peering_connection_id": "",
                            "route.3635665043.cidr_block": "10.127.49.7/32",
                            "route.3635665043.egress_only_gateway_id": "",
                            "route.3635665043.gateway_id": "",
                            "route.3635665043.instance_id": "",
                            "route.3635665043.ipv6_cidr_block": "",
                            "route.3635665043.nat_gateway_id": "",
                            "route.3635665043.network_interface_id": "",
                            "route.3635665043.vpc_peering_connection_id": "pcx-04c2b36d",
                            "tags.%": "5",
                            "tags.Name": "release-natdc-routetable",
                            "tags.account_name": "jive-reco-pipeline",
                            "tags.pipeline_phase": "release",
                            "tags.region": "us-east-1",
                            "tags.sla": "non-prod",
                            "vpc_id": "vpc-1174e968"
                        },
                        "meta": {},
                        "tainted": false
                    },
                    "deposed": [],
                    "provider": ""
                },
                "aws_route_table.natdc.2": {
                    "type": "aws_route_table",
                    "depends_on": [
                        "aws_nat_gateway.natgw.*",
                        "aws_vpc.main",
                        "aws_vpn_gateway.vgw"
                    ],
                    "primary": {
                        "id": "rtb-29b89851",
                        "attributes": {
                            "id": "rtb-29b89851",
                            "propagating_vgws.#": "1",
                            "propagating_vgws.1226001846": "vgw-ea8b6083",
                            "route.#": "4",
                            "route.1714055540.cidr_block": "10.125.0.0/19",
                            "route.1714055540.egress_only_gateway_id": "",
                            "route.1714055540.gateway_id": "",
                            "route.1714055540.instance_id": "",
                            "route.1714055540.ipv6_cidr_block": "",
                            "route.1714055540.nat_gateway_id": "",
                            "route.1714055540.network_interface_id": "",
                            "route.1714055540.vpc_peering_connection_id": "pcx-e9780b80",
                            "route.2383285341.cidr_block": "10.125.96.0/20",
                            "route.2383285341.egress_only_gateway_id": "",
                            "route.2383285341.gateway_id": "",
                            "route.2383285341.instance_id": "",
                            "route.2383285341.ipv6_cidr_block": "",
                            "route.2383285341.nat_gateway_id": "",
                            "route.2383285341.network_interface_id": "",
                            "route.2383285341.vpc_peering_connection_id": "pcx-a37b08ca",
                            "route.3635665043.cidr_block": "10.127.49.7/32",
                            "route.3635665043.egress_only_gateway_id": "",
                            "route.3635665043.gateway_id": "",
                            "route.3635665043.instance_id": "",
                            "route.3635665043.ipv6_cidr_block": "",
                            "route.3635665043.nat_gateway_id": "",
                            "route.3635665043.network_interface_id": "",
                            "route.3635665043.vpc_peering_connection_id": "pcx-04c2b36d",
                            "route.506892573.cidr_block": "0.0.0.0/0",
                            "route.506892573.egress_only_gateway_id": "",
                            "route.506892573.gateway_id": "",
                            "route.506892573.instance_id": "",
                            "route.506892573.ipv6_cidr_block": "",
                            "route.506892573.nat_gateway_id": "nat-0bb7ebb9f1c50e9e7",
                            "route.506892573.network_interface_id": "",
                            "route.506892573.vpc_peering_connection_id": "",
                            "tags.%": "5",
                            "tags.Name": "release-natdc-routetable",
                            "tags.account_name": "jive-reco-pipeline",
                            "tags.pipeline_phase": "release",
                            "tags.region": "us-east-1",
                            "tags.sla": "non-prod",
                            "vpc_id": "vpc-1174e968"
                        },
                        "meta": {},
                        "tainted": false
                    },
                    "deposed": [],
                    "provider": ""
                },
                "aws_route_table.natdc.3": {
                    "type": "aws_route_table",
                    "depends_on": [
                        "aws_nat_gateway.natgw.*",
                        "aws_vpc.main",
                        "aws_vpn_gateway.vgw"
                    ],
                    "primary": {
                        "id": "rtb-6281a11a",
                        "attributes": {
                            "id": "rtb-6281a11a",
                            "propagating_vgws.#": "1",
                            "propagating_vgws.1226001846": "vgw-ea8b6083",
                            "route.#": "4",
                            "route.1592871274.cidr_block": "0.0.0.0/0",
                            "route.1592871274.egress_only_gateway_id": "",
                            "route.1592871274.gateway_id": "",
                            "route.1592871274.instance_id": "",
                            "route.1592871274.ipv6_cidr_block": "",
                            "route.1592871274.nat_gateway_id": "nat-081ba79ddb64ab084",
                            "route.1592871274.network_interface_id": "",
                            "route.1592871274.vpc_peering_connection_id": "",
                            "route.1714055540.cidr_block": "10.125.0.0/19",
                            "route.1714055540.egress_only_gateway_id": "",
                            "route.1714055540.gateway_id": "",
                            "route.1714055540.instance_id": "",
                            "route.1714055540.ipv6_cidr_block": "",
                            "route.1714055540.nat_gateway_id": "",
                            "route.1714055540.network_interface_id": "",
                            "route.1714055540.vpc_peering_connection_id": "pcx-e9780b80",
                            "route.2383285341.cidr_block": "10.125.96.0/20",
                            "route.2383285341.egress_only_gateway_id": "",
                            "route.2383285341.gateway_id": "",
                            "route.2383285341.instance_id": "",
                            "route.2383285341.ipv6_cidr_block": "",
                            "route.2383285341.nat_gateway_id": "",
                            "route.2383285341.network_interface_id": "",
                            "route.2383285341.vpc_peering_connection_id": "pcx-a37b08ca",
                            "route.3635665043.cidr_block": "10.127.49.7/32",
                            "route.3635665043.egress_only_gateway_id": "",
                            "route.3635665043.gateway_id": "",
                            "route.3635665043.instance_id": "",
                            "route.3635665043.ipv6_cidr_block": "",
                            "route.3635665043.nat_gateway_id": "",
                            "route.3635665043.network_interface_id": "",
                            "route.3635665043.vpc_peering_connection_id": "pcx-04c2b36d",
                            "tags.%": "5",
                            "tags.Name": "release-natdc-routetable",
                            "tags.account_name": "jive-reco-pipeline",
                            "tags.pipeline_phase": "release",
                            "tags.region": "us-east-1",
                            "tags.sla": "non-prod",
                            "vpc_id": "vpc-1174e968"
                        },
                        "meta": {},
                        "tainted": false
                    },
                    "deposed": [],
                    "provider": ""
                },
                "aws_route_table.natdc.4": {
                    "type": "aws_route_table",
                    "depends_on": [
                        "aws_nat_gateway.natgw.*",
                        "aws_vpc.main",
                        "aws_vpn_gateway.vgw"
                    ],
                    "primary": {
                        "id": "rtb-bebb9bc6",
                        "attributes": {
                            "id": "rtb-bebb9bc6",
                            "propagating_vgws.#": "1",
                            "propagating_vgws.1226001846": "vgw-ea8b6083",
                            "route.#": "4",
                            "route.1714055540.cidr_block": "10.125.0.0/19",
                            "route.1714055540.egress_only_gateway_id": "",
                            "route.1714055540.gateway_id": "",
                            "route.1714055540.instance_id": "",
                            "route.1714055540.ipv6_cidr_block": "",
                            "route.1714055540.nat_gateway_id": "",
                            "route.1714055540.network_interface_id": "",
                            "route.1714055540.vpc_peering_connection_id": "pcx-e9780b80",
                            "route.2383285341.cidr_block": "10.125.96.0/20",
                            "route.2383285341.egress_only_gateway_id": "",
                            "route.2383285341.gateway_id": "",
                            "route.2383285341.instance_id": "",
                            "route.2383285341.ipv6_cidr_block": "",
                            "route.2383285341.nat_gateway_id": "",
                            "route.2383285341.network_interface_id": "",
                            "route.2383285341.vpc_peering_connection_id": "pcx-a37b08ca",
                            "route.3635665043.cidr_block": "10.127.49.7/32",
                            "route.3635665043.egress_only_gateway_id": "",
                            "route.3635665043.gateway_id": "",
                            "route.3635665043.instance_id": "",
                            "route.3635665043.ipv6_cidr_block": "",
                            "route.3635665043.nat_gateway_id": "",
                            "route.3635665043.network_interface_id": "",
                            "route.3635665043.vpc_peering_connection_id": "pcx-04c2b36d",
                            "route.4088560849.cidr_block": "0.0.0.0/0",
                            "route.4088560849.egress_only_gateway_id": "",
                            "route.4088560849.gateway_id": "",
                            "route.4088560849.instance_id": "",
                            "route.4088560849.ipv6_cidr_block": "",
                            "route.4088560849.nat_gateway_id": "nat-0ede70e1ce17d2ece",
                            "route.4088560849.network_interface_id": "",
                            "route.4088560849.vpc_peering_connection_id": "",
                            "tags.%": "5",
                            "tags.Name": "release-natdc-routetable",
                            "tags.account_name": "jive-reco-pipeline",
                            "tags.pipeline_phase": "release",
                            "tags.region": "us-east-1",
                            "tags.sla": "non-prod",
                            "vpc_id": "vpc-1174e968"
                        },
                        "meta": {},
                        "tainted": false
                    },
                    "deposed": [],
                    "provider": ""
                },
                "aws_route_table.private": {
                    "type": "aws_route_table",
                    "depends_on": [
                        "aws_vpc.main"
                    ],
                    "primary": {
                        "id": "rtb-5bb79723",
                        "attributes": {
                            "id": "rtb-5bb79723",
                            "propagating_vgws.#": "0",
                            "route.#": "3",
                            "route.1714055540.cidr_block": "10.125.0.0/19",
                            "route.1714055540.egress_only_gateway_id": "",
                            "route.1714055540.gateway_id": "",
                            "route.1714055540.instance_id": "",
                            "route.1714055540.ipv6_cidr_block": "",
                            "route.1714055540.nat_gateway_id": "",
                            "route.1714055540.network_interface_id": "",
                            "route.1714055540.vpc_peering_connection_id": "pcx-e9780b80",
                            "route.2383285341.cidr_block": "10.125.96.0/20",
                            "route.2383285341.egress_only_gateway_id": "",
                            "route.2383285341.gateway_id": "",
                            "route.2383285341.instance_id": "",
                            "route.2383285341.ipv6_cidr_block": "",
                            "route.2383285341.nat_gateway_id": "",
                            "route.2383285341.network_interface_id": "",
                            "route.2383285341.vpc_peering_connection_id": "pcx-a37b08ca",
                            "route.3635665043.cidr_block": "10.127.49.7/32",
                            "route.3635665043.egress_only_gateway_id": "",
                            "route.3635665043.gateway_id": "",
                            "route.3635665043.instance_id": "",
                            "route.3635665043.ipv6_cidr_block": "",
                            "route.3635665043.nat_gateway_id": "",
                            "route.3635665043.network_interface_id": "",
                            "route.3635665043.vpc_peering_connection_id": "pcx-04c2b36d",
                            "tags.%": "5",
                            "tags.Name": "release-private-routetable",
                            "tags.account_name": "jive-reco-pipeline",
                            "tags.pipeline_phase": "release",
                            "tags.region": "us-east-1",
                            "tags.sla": "non-prod",
                            "vpc_id": "vpc-1174e968"
                        },
                        "meta": {},
                        "tainted": false
                    },
                    "deposed": [],
                    "provider": ""
                },
                "aws_route_table.public": {
                    "type": "aws_route_table",
                    "depends_on": [
                        "aws_internet_gateway.igw",
                        "aws_vpc.main"
                    ],
                    "primary": {
                        "id": "rtb-7083a308",
                        "attributes": {
                            "id": "rtb-7083a308",
                            "propagating_vgws.#": "0",
                            "route.#": "4",
                            "route.1714055540.cidr_block": "10.125.0.0/19",
                            "route.1714055540.egress_only_gateway_id": "",
                            "route.1714055540.gateway_id": "",
                            "route.1714055540.instance_id": "",
                            "route.1714055540.ipv6_cidr_block": "",
                            "route.1714055540.nat_gateway_id": "",
                            "route.1714055540.network_interface_id": "",
                            "route.1714055540.vpc_peering_connection_id": "pcx-e9780b80",
                            "route.2341371220.cidr_block": "0.0.0.0/0",
                            "route.2341371220.egress_only_gateway_id": "",
                            "route.2341371220.gateway_id": "igw-4c35772a",
                            "route.2341371220.instance_id": "",
                            "route.2341371220.ipv6_cidr_block": "",
                            "route.2341371220.nat_gateway_id": "",
                            "route.2341371220.network_interface_id": "",
                            "route.2341371220.vpc_peering_connection_id": "",
                            "route.2383285341.cidr_block": "10.125.96.0/20",
                            "route.2383285341.egress_only_gateway_id": "",
                            "route.2383285341.gateway_id": "",
                            "route.2383285341.instance_id": "",
                            "route.2383285341.ipv6_cidr_block": "",
                            "route.2383285341.nat_gateway_id": "",
                            "route.2383285341.network_interface_id": "",
                            "route.2383285341.vpc_peering_connection_id": "pcx-a37b08ca",
                            "route.3635665043.cidr_block": "10.127.49.7/32",
                            "route.3635665043.egress_only_gateway_id": "",
                            "route.3635665043.gateway_id": "",
                            "route.3635665043.instance_id": "",
                            "route.3635665043.ipv6_cidr_block": "",
                            "route.3635665043.nat_gateway_id": "",
                            "route.3635665043.network_interface_id": "",
                            "route.3635665043.vpc_peering_connection_id": "pcx-04c2b36d",
                            "tags.%": "6",
                            "tags.KubernetesCluster": "us-east-1_jive-reco-pipeline",
                            "tags.Name": "release-public-routetable",
                            "tags.account_name": "jive-reco-pipeline",
                            "tags.pipeline_phase": "release",
                            "tags.region": "us-east-1",
                            "tags.sla": "non-prod",
                            "vpc_id": "vpc-1174e968"
                        },
                        "meta": {},
                        "tainted": false
                    },
                    "deposed": [],
                    "provider": ""
                },
                "aws_route_table_association.natdc.0": {
                    "type": "aws_route_table_association",
                    "depends_on": [
                        "aws_route_table.natdc.*",
                        "aws_subnet.natdc.*"
                    ],
                    "primary": {
                        "id": "rtbassoc-0db1a276",
                        "attributes": {
                            "id": "rtbassoc-0db1a276",
                            "route_table_id": "rtb-f0ba9a88",
                            "subnet_id": "subnet-b74b04ff"
                        },
                        "meta": {},
                        "tainted": false
                    },
                    "deposed": [],
                    "provider": ""
                },
                "aws_route_table_association.natdc.1": {
                    "type": "aws_route_table_association",
                    "depends_on": [
                        "aws_route_table.natdc.*",
                        "aws_subnet.natdc.*"
                    ],
                    "primary": {
                        "id": "rtbassoc-56b1a22d",
                        "attributes": {
                            "id": "rtbassoc-56b1a22d",
                            "route_table_id": "rtb-6db99915",
                            "subnet_id": "subnet-552ea20f"
                        },
                        "meta": {},
                        "tainted": false
                    },
                    "deposed": [],
                    "provider": ""
                },
                "aws_route_table_association.natdc.2": {
                    "type": "aws_route_table_association",
                    "depends_on": [
                        "aws_route_table.natdc.*",
                        "aws_subnet.natdc.*"
                    ],
                    "primary": {
                        "id": "rtbassoc-a7b1a2dc",
                        "attributes": {
                            "id": "rtbassoc-a7b1a2dc",
                            "route_table_id": "rtb-29b89851",
                            "subnet_id": "subnet-6a26c20e"
                        },
                        "meta": {},
                        "tainted": false
                    },
                    "deposed": [],
                    "provider": ""
                },
                "aws_route_table_association.natdc.3": {
                    "type": "aws_route_table_association",
                    "depends_on": [
                        "aws_route_table.natdc.*",
                        "aws_subnet.natdc.*"
                    ],
                    "primary": {
                        "id": "rtbassoc-1db2a166",
                        "attributes": {
                            "id": "rtbassoc-1db2a166",
                            "route_table_id": "rtb-6281a11a",
                            "subnet_id": "subnet-2d3d3b11"
                        },
                        "meta": {},
                        "tainted": false
                    },
                    "deposed": [],
                    "provider": ""
                },
                "aws_route_table_association.natdc.4": {
                    "type": "aws_route_table_association",
                    "depends_on": [
                        "aws_route_table.natdc.*",
                        "aws_subnet.natdc.*"
                    ],
                    "primary": {
                        "id": "rtbassoc-acbaa9d7",
                        "attributes": {
                            "id": "rtbassoc-acbaa9d7",
                            "route_table_id": "rtb-bebb9bc6",
                            "subnet_id": "subnet-a961f585"
                        },
                        "meta": {},
                        "tainted": false
                    },
                    "deposed": [],
                    "provider": ""
                },
                "aws_route_table_association.private.0": {
                    "type": "aws_route_table_association",
                    "depends_on": [
                        "aws_route_table.private",
                        "aws_subnet.private.*"
                    ],
                    "primary": {
                        "id": "rtbassoc-4ab0a331",
                        "attributes": {
                            "id": "rtbassoc-4ab0a331",
                            "route_table_id": "rtb-5bb79723",
                            "subnet_id": "subnet-0c61f520"
                        },
                        "meta": {},
                        "tainted": false
                    },
                    "deposed": [],
                    "provider": ""
                },
                "aws_route_table_association.private.1": {
                    "type": "aws_route_table_association",
                    "depends_on": [
                        "aws_route_table.private",
                        "aws_subnet.private.*"
                    ],
                    "primary": {
                        "id": "rtbassoc-088e9d73",
                        "attributes": {
                            "id": "rtbassoc-088e9d73",
                            "route_table_id": "rtb-5bb79723",
                            "subnet_id": "subnet-c05f1088"
                        },
                        "meta": {},
                        "tainted": false
                    },
                    "deposed": [],
                    "provider": ""
                },
                "aws_route_table_association.private.2": {
                    "type": "aws_route_table_association",
                    "depends_on": [
                        "aws_route_table.private",
                        "aws_subnet.private.*"
                    ],
                    "primary": {
                        "id": "rtbassoc-03b4a778",
                        "attributes": {
                            "id": "rtbassoc-03b4a778",
                            "route_table_id": "rtb-5bb79723",
                            "subnet_id": "subnet-68129e32"
                        },
                        "meta": {},
                        "tainted": false
                    },
                    "deposed": [],
                    "provider": ""
                },
                "aws_route_table_association.private.3": {
                    "type": "aws_route_table_association",
                    "depends_on": [
                        "aws_route_table.private",
                        "aws_subnet.private.*"
                    ],
                    "primary": {
                        "id": "rtbassoc-25b7a45e",
                        "attributes": {
                            "id": "rtbassoc-25b7a45e",
                            "route_table_id": "rtb-5bb79723",
                            "subnet_id": "subnet-a423c7c0"
                        },
                        "meta": {},
                        "tainted": false
                    },
                    "deposed": [],
                    "provider": ""
                },
                "aws_route_table_association.private.4": {
                    "type": "aws_route_table_association",
                    "depends_on": [
                        "aws_route_table.private",
                        "aws_subnet.private.*"
                    ],
                    "primary": {
                        "id": "rtbassoc-a3b1a2d8",
                        "attributes": {
                            "id": "rtbassoc-a3b1a2d8",
                            "route_table_id": "rtb-5bb79723",
                            "subnet_id": "subnet-25303619"
                        },
                        "meta": {},
                        "tainted": false
                    },
                    "deposed": [],
                    "provider": ""
                },
                "aws_route_table_association.public.0": {
                    "type": "aws_route_table_association",
                    "depends_on": [
                        "aws_route_table.public",
                        "aws_subnet.public.*"
                    ],
                    "primary": {
                        "id": "rtbassoc-e7b9aa9c",
                        "attributes": {
                            "id": "rtbassoc-e7b9aa9c",
                            "route_table_id": "rtb-7083a308",
                            "subnet_id": "subnet-e77befcb"
                        },
                        "meta": {},
                        "tainted": false
                    },
                    "deposed": [],
                    "provider": ""
                },
                "aws_route_table_association.public.1": {
                    "type": "aws_route_table_association",
                    "depends_on": [
                        "aws_route_table.public",
                        "aws_subnet.public.*"
                    ],
                    "primary": {
                        "id": "rtbassoc-45bba83e",
                        "attributes": {
                            "id": "rtbassoc-45bba83e",
                            "route_table_id": "rtb-7083a308",
                            "subnet_id": "subnet-42420d0a"
                        },
                        "meta": {},
                        "tainted": false
                    },
                    "deposed": [],
                    "provider": ""
                },
                "aws_route_table_association.public.2": {
                    "type": "aws_route_table_association",
                    "depends_on": [
                        "aws_route_table.public",
                        "aws_subnet.public.*"
                    ],
                    "primary": {
                        "id": "rtbassoc-d0b0a3ab",
                        "attributes": {
                            "id": "rtbassoc-d0b0a3ab",
                            "route_table_id": "rtb-7083a308",
                            "subnet_id": "subnet-df2ca085"
                        },
                        "meta": {},
                        "tainted": false
                    },
                    "deposed": [],
                    "provider": ""
                },
                "aws_route_table_association.public.3": {
                    "type": "aws_route_table_association",
                    "depends_on": [
                        "aws_route_table.public",
                        "aws_subnet.public.*"
                    ],
                    "primary": {
                        "id": "rtbassoc-53b1a228",
                        "attributes": {
                            "id": "rtbassoc-53b1a228",
                            "route_table_id": "rtb-7083a308",
                            "subnet_id": "subnet-3323c757"
                        },
                        "meta": {},
                        "tainted": false
                    },
                    "deposed": [],
                    "provider": ""
                },
                "aws_route_table_association.public.4": {
                    "type": "aws_route_table_association",
                    "depends_on": [
                        "aws_route_table.public",
                        "aws_subnet.public.*"
                    ],
                    "primary": {
                        "id": "rtbassoc-9bb4a7e0",
                        "attributes": {
                            "id": "rtbassoc-9bb4a7e0",
                            "route_table_id": "rtb-7083a308",
                            "subnet_id": "subnet-f33b3dcf"
                        },
                        "meta": {},
                        "tainted": false
                    },
                    "deposed": [],
                    "provider": ""
                },
                "aws_security_group.admin_instance": {
                    "type": "aws_security_group",
                    "depends_on": [
                        "aws_vpc.main"
                    ],
                    "primary": {
                        "id": "sg-6fd8a01e",
                        "attributes": {
                            "description": "Admin instances for the VPC",
                            "egress.#": "0",
                            "id": "sg-6fd8a01e",
                            "ingress.#": "0",
                            "name": "release-admin-instance",
                            "owner_id": "642745549043",
                            "tags.%": "5",
                            "tags.account_name": "jive-reco-pipeline",
                            "tags.name": "release-admin-instance",
                            "tags.pipeline_phase": "release",
                            "tags.region": "us-east-1",
                            "tags.sla": "non-prod",
                            "vpc_id": "vpc-1174e968"
                        },
                        "meta": {},
                        "tainted": false
                    },
                    "deposed": [],
                    "provider": ""
                },
                "aws_security_group.env_instance": {
                    "type": "aws_security_group",
                    "depends_on": [
                        "aws_vpc.main",
                        "data.aws_security_group.bastion"
                    ],
                    "primary": {
                        "id": "sg-0fd8a07e",
                        "attributes": {
                            "description": "All instances within the evironment",
                            "egress.#": "1",
                            "egress.482069346.cidr_blocks.#": "1",
                            "egress.482069346.cidr_blocks.0": "0.0.0.0/0",
                            "egress.482069346.from_port": "0",
                            "egress.482069346.ipv6_cidr_blocks.#": "0",
                            "egress.482069346.prefix_list_ids.#": "0",
                            "egress.482069346.protocol": "-1",
                            "egress.482069346.security_groups.#": "0",
                            "egress.482069346.self": "false",
                            "egress.482069346.to_port": "0",
                            "id": "sg-0fd8a07e",
                            "ingress.#": "2",
                            "ingress.2237159840.cidr_blocks.#": "0",
                            "ingress.2237159840.from_port": "22",
                            "ingress.2237159840.ipv6_cidr_blocks.#": "0",
                            "ingress.2237159840.protocol": "tcp",
                            "ingress.2237159840.security_groups.#": "1",
                            "ingress.2237159840.security_groups.1773334691": "sg-37631b46",
                            "ingress.2237159840.self": "false",
                            "ingress.2237159840.to_port": "22",
                            "ingress.942441987.cidr_blocks.#": "0",
                            "ingress.942441987.from_port": "8",
                            "ingress.942441987.ipv6_cidr_blocks.#": "0",
                            "ingress.942441987.protocol": "icmp",
                            "ingress.942441987.security_groups.#": "1",
                            "ingress.942441987.security_groups.1773334691": "sg-37631b46",
                            "ingress.942441987.self": "false",
                            "ingress.942441987.to_port": "0",
                            "name": "release-instance",
                            "owner_id": "642745549043",
                            "tags.%": "5",
                            "tags.account_name": "jive-reco-pipeline",
                            "tags.name": "release-instance",
                            "tags.pipeline_phase": "release",
                            "tags.region": "us-east-1",
                            "tags.sla": "non-prod",
                            "vpc_id": "vpc-1174e968"
                        },
                        "meta": {},
                        "tainted": false
                    },
                    "deposed": [],
                    "provider": ""
                },
                "aws_security_group.natgw_instance": {
                    "type": "aws_security_group",
                    "depends_on": [
                        "aws_security_group.env_instance",
                        "aws_vpc.main"
                    ],
                    "primary": {
                        "id": "sg-4adda53b",
                        "attributes": {
                            "description": "Members of this SG are allowed to send any type of traffic to the NAT Box.",
                            "egress.#": "0",
                            "id": "sg-4adda53b",
                            "ingress.#": "1",
                            "ingress.1917361290.cidr_blocks.#": "0",
                            "ingress.1917361290.from_port": "0",
                            "ingress.1917361290.ipv6_cidr_blocks.#": "0",
                            "ingress.1917361290.protocol": "-1",
                            "ingress.1917361290.security_groups.#": "1",
                            "ingress.1917361290.security_groups.695413599": "sg-0fd8a07e",
                            "ingress.1917361290.self": "false",
                            "ingress.1917361290.to_port": "0",
                            "name": "release-natgw-instance",
                            "owner_id": "642745549043",
                            "tags.%": "5",
                            "tags.account_name": "jive-reco-pipeline",
                            "tags.name": "release-natgw-instance",
                            "tags.pipeline_phase": "release",
                            "tags.region": "us-east-1",
                            "tags.sla": "non-prod",
                            "vpc_id": "vpc-1174e968"
                        },
                        "meta": {},
                        "tainted": false
                    },
                    "deposed": [],
                    "provider": ""
                },
                "aws_subnet.natdc.0": {
                    "type": "aws_subnet",
                    "depends_on": [
                        "aws_vpc.main"
                    ],
                    "primary": {
                        "id": "subnet-a961f585",
                        "attributes": {
                            "assign_ipv6_address_on_creation": "false",
                            "availability_zone": "us-east-1a",
                            "cidr_block": "10.126.24.0/25",
                            "id": "subnet-a961f585",
                            "map_public_ip_on_launch": "false",
                            "tags.%": "5",
                            "tags.Name": "release-natdc-subnet",
                            "tags.account_name": "jive-reco-pipeline",
                            "tags.pipeline_phase": "release",
                            "tags.region": "us-east-1",
                            "tags.sla": "non-prod",
                            "vpc_id": "vpc-1174e968"
                        },
                        "meta": {
                            "schema_version": "1"
                        },
                        "tainted": false
                    },
                    "deposed": [],
                    "provider": ""
                },
                "aws_subnet.natdc.1": {
                    "type": "aws_subnet",
                    "depends_on": [
                        "aws_vpc.main"
                    ],
                    "primary": {
                        "id": "subnet-b74b04ff",
                        "attributes": {
                            "assign_ipv6_address_on_creation": "false",
                            "availability_zone": "us-east-1b",
                            "cidr_block": "10.126.24.128/25",
                            "id": "subnet-b74b04ff",
                            "map_public_ip_on_launch": "false",
                            "tags.%": "5",
                            "tags.Name": "release-natdc-subnet",
                            "tags.account_name": "jive-reco-pipeline",
                            "tags.pipeline_phase": "release",
                            "tags.region": "us-east-1",
                            "tags.sla": "non-prod",
                            "vpc_id": "vpc-1174e968"
                        },
                        "meta": {
                            "schema_version": "1"
                        },
                        "tainted": false
                    },
                    "deposed": [],
                    "provider": ""
                },
                "aws_subnet.natdc.2": {
                    "type": "aws_subnet",
                    "depends_on": [
                        "aws_vpc.main"
                    ],
                    "primary": {
                        "id": "subnet-552ea20f",
                        "attributes": {
                            "assign_ipv6_address_on_creation": "false",
                            "availability_zone": "us-east-1c",
                            "cidr_block": "10.126.25.0/25",
                            "id": "subnet-552ea20f",
                            "map_public_ip_on_launch": "false",
                            "tags.%": "5",
                            "tags.Name": "release-natdc-subnet",
                            "tags.account_name": "jive-reco-pipeline",
                            "tags.pipeline_phase": "release",
                            "tags.region": "us-east-1",
                            "tags.sla": "non-prod",
                            "vpc_id": "vpc-1174e968"
                        },
                        "meta": {
                            "schema_version": "1"
                        },
                        "tainted": false
                    },
                    "deposed": [],
                    "provider": ""
                },
                "aws_subnet.natdc.3": {
                    "type": "aws_subnet",
                    "depends_on": [
                        "aws_vpc.main"
                    ],
                    "primary": {
                        "id": "subnet-6a26c20e",
                        "attributes": {
                            "assign_ipv6_address_on_creation": "false",
                            "availability_zone": "us-east-1d",
                            "cidr_block": "10.126.25.128/25",
                            "id": "subnet-6a26c20e",
                            "map_public_ip_on_launch": "false",
                            "tags.%": "5",
                            "tags.Name": "release-natdc-subnet",
                            "tags.account_name": "jive-reco-pipeline",
                            "tags.pipeline_phase": "release",
                            "tags.region": "us-east-1",
                            "tags.sla": "non-prod",
                            "vpc_id": "vpc-1174e968"
                        },
                        "meta": {
                            "schema_version": "1"
                        },
                        "tainted": false
                    },
                    "deposed": [],
                    "provider": ""
                },
                "aws_subnet.natdc.4": {
                    "type": "aws_subnet",
                    "depends_on": [
                        "aws_vpc.main"
                    ],
                    "primary": {
                        "id": "subnet-2d3d3b11",
                        "attributes": {
                            "assign_ipv6_address_on_creation": "false",
                            "availability_zone": "us-east-1e",
                            "cidr_block": "10.126.26.0/25",
                            "id": "subnet-2d3d3b11",
                            "map_public_ip_on_launch": "false",
                            "tags.%": "5",
                            "tags.Name": "release-natdc-subnet",
                            "tags.account_name": "jive-reco-pipeline",
                            "tags.pipeline_phase": "release",
                            "tags.region": "us-east-1",
                            "tags.sla": "non-prod",
                            "vpc_id": "vpc-1174e968"
                        },
                        "meta": {
                            "schema_version": "1"
                        },
                        "tainted": false
                    },
                    "deposed": [],
                    "provider": ""
                },
                "aws_subnet.private.0": {
                    "type": "aws_subnet",
                    "depends_on": [
                        "aws_vpc.main"
                    ],
                    "primary": {
                        "id": "subnet-0c61f520",
                        "attributes": {
                            "assign_ipv6_address_on_creation": "false",
                            "availability_zone": "us-east-1a",
                            "cidr_block": "10.126.27.32/27",
                            "id": "subnet-0c61f520",
                            "map_public_ip_on_launch": "false",
                            "tags.%": "5",
                            "tags.Name": "release-private-subnet",
                            "tags.account_name": "jive-reco-pipeline",
                            "tags.pipeline_phase": "release",
                            "tags.region": "us-east-1",
                            "tags.sla": "non-prod",
                            "vpc_id": "vpc-1174e968"
                        },
                        "meta": {
                            "schema_version": "1"
                        },
                        "tainted": false
                    },
                    "deposed": [],
                    "provider": ""
                },
                "aws_subnet.private.1": {
                    "type": "aws_subnet",
                    "depends_on": [
                        "aws_vpc.main"
                    ],
                    "primary": {
                        "id": "subnet-c05f1088",
                        "attributes": {
                            "assign_ipv6_address_on_creation": "false",
                            "availability_zone": "us-east-1b",
                            "cidr_block": "10.126.27.64/27",
                            "id": "subnet-c05f1088",
                            "map_public_ip_on_launch": "false",
                            "tags.%": "5",
                            "tags.Name": "release-private-subnet",
                            "tags.account_name": "jive-reco-pipeline",
                            "tags.pipeline_phase": "release",
                            "tags.region": "us-east-1",
                            "tags.sla": "non-prod",
                            "vpc_id": "vpc-1174e968"
                        },
                        "meta": {
                            "schema_version": "1"
                        },
                        "tainted": false
                    },
                    "deposed": [],
                    "provider": ""
                },
                "aws_subnet.private.2": {
                    "type": "aws_subnet",
                    "depends_on": [
                        "aws_vpc.main"
                    ],
                    "primary": {
                        "id": "subnet-68129e32",
                        "attributes": {
                            "assign_ipv6_address_on_creation": "false",
                            "availability_zone": "us-east-1c",
                            "cidr_block": "10.126.27.96/27",
                            "id": "subnet-68129e32",
                            "map_public_ip_on_launch": "false",
                            "tags.%": "5",
                            "tags.Name": "release-private-subnet",
                            "tags.account_name": "jive-reco-pipeline",
                            "tags.pipeline_phase": "release",
                            "tags.region": "us-east-1",
                            "tags.sla": "non-prod",
                            "vpc_id": "vpc-1174e968"
                        },
                        "meta": {
                            "schema_version": "1"
                        },
                        "tainted": false
                    },
                    "deposed": [],
                    "provider": ""
                },
                "aws_subnet.private.3": {
                    "type": "aws_subnet",
                    "depends_on": [
                        "aws_vpc.main"
                    ],
                    "primary": {
                        "id": "subnet-a423c7c0",
                        "attributes": {
                            "assign_ipv6_address_on_creation": "false",
                            "availability_zone": "us-east-1d",
                            "cidr_block": "10.126.27.128/27",
                            "id": "subnet-a423c7c0",
                            "map_public_ip_on_launch": "false",
                            "tags.%": "5",
                            "tags.Name": "release-private-subnet",
                            "tags.account_name": "jive-reco-pipeline",
                            "tags.pipeline_phase": "release",
                            "tags.region": "us-east-1",
                            "tags.sla": "non-prod",
                            "vpc_id": "vpc-1174e968"
                        },
                        "meta": {
                            "schema_version": "1"
                        },
                        "tainted": false
                    },
                    "deposed": [],
                    "provider": ""
                },
                "aws_subnet.private.4": {
                    "type": "aws_subnet",
                    "depends_on": [
                        "aws_vpc.main"
                    ],
                    "primary": {
                        "id": "subnet-25303619",
                        "attributes": {
                            "assign_ipv6_address_on_creation": "false",
                            "availability_zone": "us-east-1e",
                            "cidr_block": "10.126.27.160/27",
                            "id": "subnet-25303619",
                            "map_public_ip_on_launch": "false",
                            "tags.%": "5",
                            "tags.Name": "release-private-subnet",
                            "tags.account_name": "jive-reco-pipeline",
                            "tags.pipeline_phase": "release",
                            "tags.region": "us-east-1",
                            "tags.sla": "non-prod",
                            "vpc_id": "vpc-1174e968"
                        },
                        "meta": {
                            "schema_version": "1"
                        },
                        "tainted": false
                    },
                    "deposed": [],
                    "provider": ""
                },
                "aws_subnet.public.0": {
                    "type": "aws_subnet",
                    "depends_on": [
                        "aws_vpc.main"
                    ],
                    "primary": {
                        "id": "subnet-e77befcb",
                        "attributes": {
                            "assign_ipv6_address_on_creation": "false",
                            "availability_zone": "us-east-1a",
                            "cidr_block": "10.126.26.128/27",
                            "id": "subnet-e77befcb",
                            "map_public_ip_on_launch": "false",
                            "tags.%": "6",
                            "tags.KubernetesCluster": "us-east-1_jive-reco-pipeline",
                            "tags.Name": "release-public-subnet",
                            "tags.account_name": "jive-reco-pipeline",
                            "tags.pipeline_phase": "release",
                            "tags.region": "us-east-1",
                            "tags.sla": "non-prod",
                            "vpc_id": "vpc-1174e968"
                        },
                        "meta": {
                            "schema_version": "1"
                        },
                        "tainted": false
                    },
                    "deposed": [],
                    "provider": ""
                },
                "aws_subnet.public.1": {
                    "type": "aws_subnet",
                    "depends_on": [
                        "aws_vpc.main"
                    ],
                    "primary": {
                        "id": "subnet-42420d0a",
                        "attributes": {
                            "assign_ipv6_address_on_creation": "false",
                            "availability_zone": "us-east-1b",
                            "cidr_block": "10.126.26.160/27",
                            "id": "subnet-42420d0a",
                            "map_public_ip_on_launch": "false",
                            "tags.%": "6",
                            "tags.KubernetesCluster": "us-east-1_jive-reco-pipeline",
                            "tags.Name": "release-public-subnet",
                            "tags.account_name": "jive-reco-pipeline",
                            "tags.pipeline_phase": "release",
                            "tags.region": "us-east-1",
                            "tags.sla": "non-prod",
                            "vpc_id": "vpc-1174e968"
                        },
                        "meta": {
                            "schema_version": "1"
                        },
                        "tainted": false
                    },
                    "deposed": [],
                    "provider": ""
                },
                "aws_subnet.public.2": {
                    "type": "aws_subnet",
                    "depends_on": [
                        "aws_vpc.main"
                    ],
                    "primary": {
                        "id": "subnet-df2ca085",
                        "attributes": {
                            "assign_ipv6_address_on_creation": "false",
                            "availability_zone": "us-east-1c",
                            "cidr_block": "10.126.26.192/27",
                            "id": "subnet-df2ca085",
                            "map_public_ip_on_launch": "false",
                            "tags.%": "6",
                            "tags.KubernetesCluster": "us-east-1_jive-reco-pipeline",
                            "tags.Name": "release-public-subnet",
                            "tags.account_name": "jive-reco-pipeline",
                            "tags.pipeline_phase": "release",
                            "tags.region": "us-east-1",
                            "tags.sla": "non-prod",
                            "vpc_id": "vpc-1174e968"
                        },
                        "meta": {
                            "schema_version": "1"
                        },
                        "tainted": false
                    },
                    "deposed": [],
                    "provider": ""
                },
                "aws_subnet.public.3": {
                    "type": "aws_subnet",
                    "depends_on": [
                        "aws_vpc.main"
                    ],
                    "primary": {
                        "id": "subnet-3323c757",
                        "attributes": {
                            "assign_ipv6_address_on_creation": "false",
                            "availability_zone": "us-east-1d",
                            "cidr_block": "10.126.26.224/27",
                            "id": "subnet-3323c757",
                            "map_public_ip_on_launch": "false",
                            "tags.%": "6",
                            "tags.KubernetesCluster": "us-east-1_jive-reco-pipeline",
                            "tags.Name": "release-public-subnet",
                            "tags.account_name": "jive-reco-pipeline",
                            "tags.pipeline_phase": "release",
                            "tags.region": "us-east-1",
                            "tags.sla": "non-prod",
                            "vpc_id": "vpc-1174e968"
                        },
                        "meta": {
                            "schema_version": "1"
                        },
                        "tainted": false
                    },
                    "deposed": [],
                    "provider": ""
                },
                "aws_subnet.public.4": {
                    "type": "aws_subnet",
                    "depends_on": [
                        "aws_vpc.main"
                    ],
                    "primary": {
                        "id": "subnet-f33b3dcf",
                        "attributes": {
                            "assign_ipv6_address_on_creation": "false",
                            "availability_zone": "us-east-1e",
                            "cidr_block": "10.126.27.0/27",
                            "id": "subnet-f33b3dcf",
                            "map_public_ip_on_launch": "false",
                            "tags.%": "6",
                            "tags.KubernetesCluster": "us-east-1_jive-reco-pipeline",
                            "tags.Name": "release-public-subnet",
                            "tags.account_name": "jive-reco-pipeline",
                            "tags.pipeline_phase": "release",
                            "tags.region": "us-east-1",
                            "tags.sla": "non-prod",
                            "vpc_id": "vpc-1174e968"
                        },
                        "meta": {
                            "schema_version": "1"
                        },
                        "tainted": false
                    },
                    "deposed": [],
                    "provider": ""
                },
                "aws_vpc.main": {
                    "type": "aws_vpc",
                    "depends_on": [],
                    "primary": {
                        "id": "vpc-1174e968",
                        "attributes": {
                            "assign_generated_ipv6_cidr_block": "false",
                            "cidr_block": "10.126.24.0/22",
                            "default_network_acl_id": "acl-3654534f",
                            "default_route_table_id": "rtb-a381a1db",
                            "default_security_group_id": "sg-6ad8a01b",
                            "dhcp_options_id": "dopt-ecebfd89",
                            "enable_classiclink": "false",
                            "enable_dns_hostnames": "true",
                            "enable_dns_support": "true",
                            "id": "vpc-1174e968",
                            "instance_tenancy": "default",
                            "main_route_table_id": "rtb-a381a1db",
                            "tags.%": "5",
                            "tags.Name": "release-vpc",
                            "tags.account_name": "jive-reco-pipeline",
                            "tags.pipeline_phase": "release",
                            "tags.region": "us-east-1",
                            "tags.sla": "non-prod"
                        },
                        "meta": {
                            "schema_version": "1"
                        },
                        "tainted": false
                    },
                    "deposed": [],
                    "provider": ""
                },
                "aws_vpc_peering_connection.infra": {
                    "type": "aws_vpc_peering_connection",
                    "depends_on": [
                        "aws_vpc.main"
                    ],
                    "primary": {
                        "id": "pcx-04c2b36d",
                        "attributes": {
                            "accept_status": "active",
                            "accepter.#": "1",
                            "accepter.3244290774.allow_classic_link_to_remote_vpc": "false",
                            "accepter.3244290774.allow_remote_vpc_dns_resolution": "false",
                            "accepter.3244290774.allow_vpc_to_remote_classic_link": "false",
                            "auto_accept": "true",
                            "id": "pcx-04c2b36d",
                            "peer_owner_id": "642745549043",
                            "peer_vpc_id": "vpc-05a8357c",
                            "requester.#": "1",
                            "requester.3244290774.allow_classic_link_to_remote_vpc": "false",
                            "requester.3244290774.allow_remote_vpc_dns_resolution": "false",
                            "requester.3244290774.allow_vpc_to_remote_classic_link": "false",
                            "tags.%": "5",
                            "tags.Name": "release_to_infra-jive-reco-pipeline",
                            "tags.account_name": "jive-reco-pipeline",
                            "tags.pipeline_phase": "release",
                            "tags.region": "us-east-1",
                            "tags.sla": "non-prod",
                            "vpc_id": "vpc-1174e968"
                        },
                        "meta": {},
                        "tainted": false
                    },
                    "deposed": [],
                    "provider": ""
                },
                "aws_vpn_connection.main": {
                    "type": "aws_vpn_connection",
                    "depends_on": [
                        "aws_vpn_gateway.vgw"
                    ],
                    "primary": {
                        "id": "vpn-c46073a5",
                        "attributes": {
                            "customer_gateway_configuration": "\u003c?xml version=\"1.0\" encoding=\"UTF-8\"?\u003e\n\u003cvpn_connection id=\"vpn-c46073a5\"\u003e\n  \u003ccustomer_gateway_id\u003ecgw-d09a71b9\u003c/customer_gateway_id\u003e\n  \u003cvpn_gateway_id\u003evgw-ea8b6083\u003c/vpn_gateway_id\u003e\n  \u003cvpn_connection_type\u003eipsec.1\u003c/vpn_connection_type\u003e\n  \u003cipsec_tunnel\u003e\n    \u003ccustomer_gateway\u003e\n      \u003ctunnel_outside_address\u003e\n        \u003cip_address\u003e204.93.64.130\u003c/ip_address\u003e\n      \u003c/tunnel_outside_address\u003e\n      \u003ctunnel_inside_address\u003e\n        \u003cip_address\u003e169.254.44.130\u003c/ip_address\u003e\n        \u003cnetwork_mask\u003e255.255.255.252\u003c/network_mask\u003e\n        \u003cnetwork_cidr\u003e30\u003c/network_cidr\u003e\n      \u003c/tunnel_inside_address\u003e\n      \u003cbgp\u003e\n        \u003casn\u003e13364\u003c/asn\u003e\n        \u003chold_time\u003e30\u003c/hold_time\u003e\n      \u003c/bgp\u003e\n    \u003c/customer_gateway\u003e\n    \u003cvpn_gateway\u003e\n      \u003ctunnel_outside_address\u003e\n        \u003cip_address\u003e34.204.158.103\u003c/ip_address\u003e\n      \u003c/tunnel_outside_address\u003e\n      \u003ctunnel_inside_address\u003e\n        \u003cip_address\u003e169.254.44.129\u003c/ip_address\u003e\n        \u003cnetwork_mask\u003e255.255.255.252\u003c/network_mask\u003e\n        \u003cnetwork_cidr\u003e30\u003c/network_cidr\u003e\n      \u003c/tunnel_inside_address\u003e\n      \u003cbgp\u003e\n        \u003casn\u003e7224\u003c/asn\u003e\n        \u003chold_time\u003e30\u003c/hold_time\u003e\n      \u003c/bgp\u003e\n    \u003c/vpn_gateway\u003e\n    \u003cike\u003e\n      \u003cauthentication_protocol\u003esha1\u003c/authentication_protocol\u003e\n      \u003cencryption_protocol\u003eaes-128-cbc\u003c/encryption_protocol\u003e\n      \u003clifetime\u003e28800\u003c/lifetime\u003e\n      \u003cperfect_forward_secrecy\u003egroup2\u003c/perfect_forward_secrecy\u003e\n      \u003cmode\u003emain\u003c/mode\u003e\n      \u003cpre_shared_key\u003eqwm1A4MLPU2RQPr226SY2Vb2qycxQhTg\u003c/pre_shared_key\u003e\n    \u003c/ike\u003e\n    \u003cipsec\u003e\n      \u003cprotocol\u003eesp\u003c/protocol\u003e\n      \u003cauthentication_protocol\u003ehmac-sha1-96\u003c/authentication_protocol\u003e\n      \u003cencryption_protocol\u003eaes-128-cbc\u003c/encryption_protocol\u003e\n      \u003clifetime\u003e3600\u003c/lifetime\u003e\n      \u003cperfect_forward_secrecy\u003egroup2\u003c/perfect_forward_secrecy\u003e\n      \u003cmode\u003etunnel\u003c/mode\u003e\n      \u003cclear_df_bit\u003etrue\u003c/clear_df_bit\u003e\n      \u003cfragmentation_before_encryption\u003etrue\u003c/fragmentation_before_encryption\u003e\n      \u003ctcp_mss_adjustment\u003e1379\u003c/tcp_mss_adjustment\u003e\n      \u003cdead_peer_detection\u003e\n        \u003cinterval\u003e10\u003c/interval\u003e\n        \u003cretries\u003e3\u003c/retries\u003e\n      \u003c/dead_peer_detection\u003e\n    \u003c/ipsec\u003e\n  \u003c/ipsec_tunnel\u003e\n  \u003cipsec_tunnel\u003e\n    \u003ccustomer_gateway\u003e\n      \u003ctunnel_outside_address\u003e\n        \u003cip_address\u003e204.93.64.130\u003c/ip_address\u003e\n      \u003c/tunnel_outside_address\u003e\n      \u003ctunnel_inside_address\u003e\n        \u003cip_address\u003e169.254.47.234\u003c/ip_address\u003e\n        \u003cnetwork_mask\u003e255.255.255.252\u003c/network_mask\u003e\n        \u003cnetwork_cidr\u003e30\u003c/network_cidr\u003e\n      \u003c/tunnel_inside_address\u003e\n      \u003cbgp\u003e\n        \u003casn\u003e13364\u003c/asn\u003e\n        \u003chold_time\u003e30\u003c/hold_time\u003e\n      \u003c/bgp\u003e\n    \u003c/customer_gateway\u003e\n    \u003cvpn_gateway\u003e\n      \u003ctunnel_outside_address\u003e\n        \u003cip_address\u003e54.87.183.217\u003c/ip_address\u003e\n      \u003c/tunnel_outside_address\u003e\n      \u003ctunnel_inside_address\u003e\n        \u003cip_address\u003e169.254.47.233\u003c/ip_address\u003e\n        \u003cnetwork_mask\u003e255.255.255.252\u003c/network_mask\u003e\n        \u003cnetwork_cidr\u003e30\u003c/network_cidr\u003e\n      \u003c/tunnel_inside_address\u003e\n      \u003cbgp\u003e\n        \u003casn\u003e7224\u003c/asn\u003e\n        \u003chold_time\u003e30\u003c/hold_time\u003e\n      \u003c/bgp\u003e\n    \u003c/vpn_gateway\u003e\n    \u003cike\u003e\n      \u003cauthentication_protocol\u003esha1\u003c/authentication_protocol\u003e\n      \u003cencryption_protocol\u003eaes-128-cbc\u003c/encryption_protocol\u003e\n      \u003clifetime\u003e28800\u003c/lifetime\u003e\n      \u003cperfect_forward_secrecy\u003egroup2\u003c/perfect_forward_secrecy\u003e\n      \u003cmode\u003emain\u003c/mode\u003e\n      \u003cpre_shared_key\u003exUxM2jMj1PoGNDOg48eAoMXfKEqYoUte\u003c/pre_shared_key\u003e\n    \u003c/ike\u003e\n    \u003cipsec\u003e\n      \u003cprotocol\u003eesp\u003c/protocol\u003e\n      \u003cauthentication_protocol\u003ehmac-sha1-96\u003c/authentication_protocol\u003e\n      \u003cencryption_protocol\u003eaes-128-cbc\u003c/encryption_protocol\u003e\n      \u003clifetime\u003e3600\u003c/lifetime\u003e\n      \u003cperfect_forward_secrecy\u003egroup2\u003c/perfect_forward_secrecy\u003e\n      \u003cmode\u003etunnel\u003c/mode\u003e\n      \u003cclear_df_bit\u003etrue\u003c/clear_df_bit\u003e\n      \u003cfragmentation_before_encryption\u003etrue\u003c/fragmentation_before_encryption\u003e\n      \u003ctcp_mss_adjustment\u003e1379\u003c/tcp_mss_adjustment\u003e\n      \u003cdead_peer_detection\u003e\n        \u003cinterval\u003e10\u003c/interval\u003e\n        \u003cretries\u003e3\u003c/retries\u003e\n      \u003c/dead_peer_detection\u003e\n    \u003c/ipsec\u003e\n  \u003c/ipsec_tunnel\u003e\n\u003c/vpn_connection\u003e",
                            "customer_gateway_id": "cgw-d09a71b9",
                            "id": "vpn-c46073a5",
                            "routes.#": "0",
                            "static_routes_only": "false",
                            "tags.%": "5",
                            "tags.Name": "release-jive-vpn",
                            "tags.account_name": "jive-reco-pipeline",
                            "tags.pipeline_phase": "release",
                            "tags.region": "us-east-1",
                            "tags.sla": "non-prod",
                            "tunnel1_address": "34.204.158.103",
                            "tunnel1_preshared_key": "qwm1A4MLPU2RQPr226SY2Vb2qycxQhTg",
                            "tunnel2_address": "54.87.183.217",
                            "tunnel2_preshared_key": "xUxM2jMj1PoGNDOg48eAoMXfKEqYoUte",
                            "type": "ipsec.1",
                            "vgw_telemetry.#": "2",
                            "vgw_telemetry.4061418227.accepted_route_count": "0",
                            "vgw_telemetry.4061418227.last_status_change": "2017-07-31 23:43:19 +0000 UTC",
                            "vgw_telemetry.4061418227.outside_ip_address": "34.204.158.103",
                            "vgw_telemetry.4061418227.status": "DOWN",
                            "vgw_telemetry.4061418227.status_message": "IPSEC IS DOWN",
                            "vgw_telemetry.505194772.accepted_route_count": "0",
                            "vgw_telemetry.505194772.last_status_change": "2017-07-31 23:44:53 +0000 UTC",
                            "vgw_telemetry.505194772.outside_ip_address": "54.87.183.217",
                            "vgw_telemetry.505194772.status": "DOWN",
                            "vgw_telemetry.505194772.status_message": "IPSEC IS DOWN",
                            "vpn_gateway_id": "vgw-ea8b6083"
                        },
                        "meta": {},
                        "tainted": false
                    },
                    "deposed": [],
                    "provider": ""
                },
                "aws_vpn_gateway.vgw": {
                    "type": "aws_vpn_gateway",
                    "depends_on": [
                        "aws_vpc.main"
                    ],
                    "primary": {
                        "id": "vgw-ea8b6083",
                        "attributes": {
                            "id": "vgw-ea8b6083",
                            "tags.%": "7",
                            "tags.Name": "release-vgw",
                            "tags.account_name": "jive-reco-pipeline",
                            "tags.jive_service": "infrastructure",
                            "tags.pipeline_phase": "release",
                            "tags.region": "us-east-1",
                            "tags.service_component": "vpn_gateway",
                            "tags.sla": "non-prod",
                            "vpc_id": "vpc-1174e968"
                        },
                        "meta": {},
                        "tainted": false
                    },
                    "deposed": [],
                    "provider": ""
                },
                "data.aws_security_group.bastion": {
                    "type": "aws_security_group",
                    "depends_on": [],
                    "primary": {
                        "id": "sg-37631b46",
                        "attributes": {
                            "filter.#": "1",
                            "filter.1988431066.name": "tag:jive_service",
                            "filter.1988431066.values.#": "1",
                            "filter.1988431066.values.2480389212": "infrastructure",
                            "id": "sg-37631b46",
                            "name": "infra-pipeline-jive-phx-dc",
                            "tags.%": "6",
                            "tags.Name": "infra-pipeline-jive-phx-dc",
                            "tags.account_name": "jive-reco-pipeline",
                            "tags.jive_service": "infrastructure",
                            "tags.pipeline_phase": "infra-pipeline",
                            "tags.region": "us-east-1",
                            "tags.sla": "non-prod",
                            "vpc_id": "vpc-05a8357c"
                        },
                        "meta": {},
                        "tainted": false
                    },
                    "deposed": [],
                    "provider": ""
                }
            },
            "depends_on": []
        }
    ]
}
