{
    "version": 3,
    "terraform_version": "0.9.4",
    "serial": 3,
    "lineage": "c14a713f-27e2-4808-9762-1dfd3eb52b02",
    "modules": [
        {
            "path": [
                "root"
            ],
            "outputs": {},
            "resources": {
                "aws_eip.natgw.0": {
                    "type": "aws_eip",
                    "depends_on": [],
                    "primary": {
                        "id": "eipalloc-89f2e5b9",
                        "attributes": {
                            "association_id": "eipassoc-9b4565a9",
                            "domain": "vpc",
                            "id": "eipalloc-89f2e5b9",
                            "instance": "",
                            "network_interface": "eni-7d832ed2",
                            "private_ip": "10.126.22.153",
                            "public_ip": "52.0.107.174",
                            "vpc": "true"
                        },
                        "meta": {},
                        "tainted": false
                    },
                    "deposed": [],
                    "provider": ""
                },
                "aws_eip.natgw.1": {
                    "type": "aws_eip",
                    "depends_on": [],
                    "primary": {
                        "id": "eipalloc-d6fee9e6",
                        "attributes": {
                            "association_id": "eipassoc-da4161e8",
                            "domain": "vpc",
                            "id": "eipalloc-d6fee9e6",
                            "instance": "",
                            "network_interface": "eni-596d3c8a",
                            "private_ip": "10.126.22.189",
                            "public_ip": "54.84.145.117",
                            "vpc": "true"
                        },
                        "meta": {},
                        "tainted": false
                    },
                    "deposed": [],
                    "provider": ""
                },
                "aws_eip.natgw.2": {
                    "type": "aws_eip",
                    "depends_on": [],
                    "primary": {
                        "id": "eipalloc-9af0e7aa",
                        "attributes": {
                            "association_id": "eipassoc-44416176",
                            "domain": "vpc",
                            "id": "eipalloc-9af0e7aa",
                            "instance": "",
                            "network_interface": "eni-813fa328",
                            "private_ip": "10.126.22.215",
                            "public_ip": "34.201.88.28",
                            "vpc": "true"
                        },
                        "meta": {},
                        "tainted": false
                    },
                    "deposed": [],
                    "provider": ""
                },
                "aws_eip.natgw.3": {
                    "type": "aws_eip",
                    "depends_on": [],
                    "primary": {
                        "id": "eipalloc-39fceb09",
                        "attributes": {
                            "association_id": "eipassoc-9d4565af",
                            "domain": "vpc",
                            "id": "eipalloc-39fceb09",
                            "instance": "",
                            "network_interface": "eni-543e9a43",
                            "private_ip": "10.126.22.234",
                            "public_ip": "52.87.114.191",
                            "vpc": "true"
                        },
                        "meta": {},
                        "tainted": false
                    },
                    "deposed": [],
                    "provider": ""
                },
                "aws_eip.natgw.4": {
                    "type": "aws_eip",
                    "depends_on": [],
                    "primary": {
                        "id": "eipalloc-89ffe8b9",
                        "attributes": {
                            "association_id": "eipassoc-aa426298",
                            "domain": "vpc",
                            "id": "eipalloc-89ffe8b9",
                            "instance": "",
                            "network_interface": "eni-e3cadee2",
                            "private_ip": "10.126.23.10",
                            "public_ip": "34.197.56.103",
                            "vpc": "true"
                        },
                        "meta": {},
                        "tainted": false
                    },
                    "deposed": [],
                    "provider": ""
                },
                "aws_internet_gateway.igw": {
                    "type": "aws_internet_gateway",
                    "depends_on": [
                        "aws_vpc.main"
                    ],
                    "primary": {
                        "id": "igw-02367464",
                        "attributes": {
                            "id": "igw-02367464",
                            "tags.%": "5",
                            "tags.Name": "test-igw",
                            "tags.account_name": "jive-reco-pipeline",
                            "tags.pipeline_phase": "test",
                            "tags.region": "us-east-1",
                            "tags.sla": "non-prod",
                            "vpc_id": "vpc-fe43de87"
                        },
                        "meta": {},
                        "tainted": false
                    },
                    "deposed": [],
                    "provider": ""
                },
                "aws_nat_gateway.natgw.0": {
                    "type": "aws_nat_gateway",
                    "depends_on": [
                        "aws_eip.natgw.*",
                        "aws_internet_gateway.igw",
                        "aws_subnet.public.*"
                    ],
                    "primary": {
                        "id": "nat-065ebbce53ab3aff4",
                        "attributes": {
                            "allocation_id": "eipalloc-89f2e5b9",
                            "id": "nat-065ebbce53ab3aff4",
                            "network_interface_id": "eni-7d832ed2",
                            "private_ip": "10.126.22.153",
                            "public_ip": "52.0.107.174",
                            "subnet_id": "subnet-9d7befb1"
                        },
                        "meta": {},
                        "tainted": false
                    },
                    "deposed": [],
                    "provider": ""
                },
                "aws_nat_gateway.natgw.1": {
                    "type": "aws_nat_gateway",
                    "depends_on": [
                        "aws_eip.natgw.*",
                        "aws_internet_gateway.igw",
                        "aws_subnet.public.*"
                    ],
                    "primary": {
                        "id": "nat-05d28d051b7bf8b79",
                        "attributes": {
                            "allocation_id": "eipalloc-d6fee9e6",
                            "id": "nat-05d28d051b7bf8b79",
                            "network_interface_id": "eni-596d3c8a",
                            "private_ip": "10.126.22.189",
                            "public_ip": "54.84.145.117",
                            "subnet_id": "subnet-d0450a98"
                        },
                        "meta": {},
                        "tainted": false
                    },
                    "deposed": [],
                    "provider": ""
                },
                "aws_nat_gateway.natgw.2": {
                    "type": "aws_nat_gateway",
                    "depends_on": [
                        "aws_eip.natgw.*",
                        "aws_internet_gateway.igw",
                        "aws_subnet.public.*"
                    ],
                    "primary": {
                        "id": "nat-05f90447c7f35dfc4",
                        "attributes": {
                            "allocation_id": "eipalloc-9af0e7aa",
                            "id": "nat-05f90447c7f35dfc4",
                            "network_interface_id": "eni-813fa328",
                            "private_ip": "10.126.22.215",
                            "public_ip": "34.201.88.28",
                            "subnet_id": "subnet-662da13c"
                        },
                        "meta": {},
                        "tainted": false
                    },
                    "deposed": [],
                    "provider": ""
                },
                "aws_nat_gateway.natgw.3": {
                    "type": "aws_nat_gateway",
                    "depends_on": [
                        "aws_eip.natgw.*",
                        "aws_internet_gateway.igw",
                        "aws_subnet.public.*"
                    ],
                    "primary": {
                        "id": "nat-087651aaf671bd377",
                        "attributes": {
                            "allocation_id": "eipalloc-39fceb09",
                            "id": "nat-087651aaf671bd377",
                            "network_interface_id": "eni-543e9a43",
                            "private_ip": "10.126.22.234",
                            "public_ip": "52.87.114.191",
                            "subnet_id": "subnet-ea22c68e"
                        },
                        "meta": {},
                        "tainted": false
                    },
                    "deposed": [],
                    "provider": ""
                },
                "aws_nat_gateway.natgw.4": {
                    "type": "aws_nat_gateway",
                    "depends_on": [
                        "aws_eip.natgw.*",
                        "aws_internet_gateway.igw",
                        "aws_subnet.public.*"
                    ],
                    "primary": {
                        "id": "nat-0e8b3689b441e98a9",
                        "attributes": {
                            "allocation_id": "eipalloc-89ffe8b9",
                            "id": "nat-0e8b3689b441e98a9",
                            "network_interface_id": "eni-e3cadee2",
                            "private_ip": "10.126.23.10",
                            "public_ip": "34.197.56.103",
                            "subnet_id": "subnet-f8282ec4"
                        },
                        "meta": {},
                        "tainted": false
                    },
                    "deposed": [],
                    "provider": ""
                },
                "aws_route.bastion_natdc.0": {
                    "type": "aws_route",
                    "depends_on": [
                        "aws_route_table.natdc.*",
                        "aws_vpc_peering_connection.infra"
                    ],
                    "primary": {
                        "id": "r-rtb-a0bf9fd81370263902",
                        "attributes": {
                            "destination_cidr_block": "10.127.49.7/32",
                            "destination_prefix_list_id": "",
                            "egress_only_gateway_id": "",
                            "gateway_id": "",
                            "id": "r-rtb-a0bf9fd81370263902",
                            "instance_id": "",
                            "instance_owner_id": "",
                            "nat_gateway_id": "",
                            "network_interface_id": "",
                            "origin": "CreateRoute",
                            "route_table_id": "rtb-a0bf9fd8",
                            "state": "active",
                            "vpc_peering_connection_id": "pcx-adc2b3c4"
                        },
                        "meta": {},
                        "tainted": false
                    },
                    "deposed": [],
                    "provider": ""
                },
                "aws_route.bastion_natdc.1": {
                    "type": "aws_route",
                    "depends_on": [
                        "aws_route_table.natdc.*",
                        "aws_vpc_peering_connection.infra"
                    ],
                    "primary": {
                        "id": "r-rtb-94bd9dec1370263902",
                        "attributes": {
                            "destination_cidr_block": "10.127.49.7/32",
                            "destination_prefix_list_id": "",
                            "egress_only_gateway_id": "",
                            "gateway_id": "",
                            "id": "r-rtb-94bd9dec1370263902",
                            "instance_id": "",
                            "instance_owner_id": "",
                            "nat_gateway_id": "",
                            "network_interface_id": "",
                            "origin": "CreateRoute",
                            "route_table_id": "rtb-94bd9dec",
                            "state": "active",
                            "vpc_peering_connection_id": "pcx-adc2b3c4"
                        },
                        "meta": {},
                        "tainted": false
                    },
                    "deposed": [],
                    "provider": ""
                },
                "aws_route.bastion_natdc.2": {
                    "type": "aws_route",
                    "depends_on": [
                        "aws_route_table.natdc.*",
                        "aws_vpc_peering_connection.infra"
                    ],
                    "primary": {
                        "id": "r-rtb-d980a0a11370263902",
                        "attributes": {
                            "destination_cidr_block": "10.127.49.7/32",
                            "destination_prefix_list_id": "",
                            "egress_only_gateway_id": "",
                            "gateway_id": "",
                            "id": "r-rtb-d980a0a11370263902",
                            "instance_id": "",
                            "instance_owner_id": "",
                            "nat_gateway_id": "",
                            "network_interface_id": "",
                            "origin": "CreateRoute",
                            "route_table_id": "rtb-d980a0a1",
                            "state": "active",
                            "vpc_peering_connection_id": "pcx-adc2b3c4"
                        },
                        "meta": {},
                        "tainted": false
                    },
                    "deposed": [],
                    "provider": ""
                },
                "aws_route.bastion_natdc.3": {
                    "type": "aws_route",
                    "depends_on": [
                        "aws_route_table.natdc.*",
                        "aws_vpc_peering_connection.infra"
                    ],
                    "primary": {
                        "id": "r-rtb-53b8982b1370263902",
                        "attributes": {
                            "destination_cidr_block": "10.127.49.7/32",
                            "destination_prefix_list_id": "",
                            "egress_only_gateway_id": "",
                            "gateway_id": "",
                            "id": "r-rtb-53b8982b1370263902",
                            "instance_id": "",
                            "instance_owner_id": "",
                            "nat_gateway_id": "",
                            "network_interface_id": "",
                            "origin": "CreateRoute",
                            "route_table_id": "rtb-53b8982b",
                            "state": "active",
                            "vpc_peering_connection_id": "pcx-adc2b3c4"
                        },
                        "meta": {},
                        "tainted": false
                    },
                    "deposed": [],
                    "provider": ""
                },
                "aws_route.bastion_natdc.4": {
                    "type": "aws_route",
                    "depends_on": [
                        "aws_route_table.natdc.*",
                        "aws_vpc_peering_connection.infra"
                    ],
                    "primary": {
                        "id": "r-rtb-0dbf9f751370263902",
                        "attributes": {
                            "destination_cidr_block": "10.127.49.7/32",
                            "destination_prefix_list_id": "",
                            "egress_only_gateway_id": "",
                            "gateway_id": "",
                            "id": "r-rtb-0dbf9f751370263902",
                            "instance_id": "",
                            "instance_owner_id": "",
                            "nat_gateway_id": "",
                            "network_interface_id": "",
                            "origin": "CreateRoute",
                            "route_table_id": "rtb-0dbf9f75",
                            "state": "active",
                            "vpc_peering_connection_id": "pcx-adc2b3c4"
                        },
                        "meta": {},
                        "tainted": false
                    },
                    "deposed": [],
                    "provider": ""
                },
                "aws_route.bastion_private": {
                    "type": "aws_route",
                    "depends_on": [
                        "aws_route_table.private",
                        "aws_vpc_peering_connection.infra"
                    ],
                    "primary": {
                        "id": "r-rtb-77bf9f0f1370263902",
                        "attributes": {
                            "destination_cidr_block": "10.127.49.7/32",
                            "destination_prefix_list_id": "",
                            "egress_only_gateway_id": "",
                            "gateway_id": "",
                            "id": "r-rtb-77bf9f0f1370263902",
                            "instance_id": "",
                            "instance_owner_id": "",
                            "nat_gateway_id": "",
                            "network_interface_id": "",
                            "origin": "CreateRoute",
                            "route_table_id": "rtb-77bf9f0f",
                            "state": "active",
                            "vpc_peering_connection_id": "pcx-adc2b3c4"
                        },
                        "meta": {},
                        "tainted": false
                    },
                    "deposed": [],
                    "provider": ""
                },
                "aws_route.bastion_public": {
                    "type": "aws_route",
                    "depends_on": [
                        "aws_route_table.public",
                        "aws_vpc_peering_connection.infra"
                    ],
                    "primary": {
                        "id": "r-rtb-adba9ad51370263902",
                        "attributes": {
                            "destination_cidr_block": "10.127.49.7/32",
                            "destination_prefix_list_id": "",
                            "egress_only_gateway_id": "",
                            "gateway_id": "",
                            "id": "r-rtb-adba9ad51370263902",
                            "instance_id": "",
                            "instance_owner_id": "",
                            "nat_gateway_id": "",
                            "network_interface_id": "",
                            "origin": "CreateRoute",
                            "route_table_id": "rtb-adba9ad5",
                            "state": "active",
                            "vpc_peering_connection_id": "pcx-adc2b3c4"
                        },
                        "meta": {},
                        "tainted": false
                    },
                    "deposed": [],
                    "provider": ""
                },
                "aws_route.infra_natdc.0": {
                    "type": "aws_route",
                    "depends_on": [
                        "aws_vpc_peering_connection.infra"
                    ],
                    "primary": {
                        "id": "r-rtb-efc5e5972261051415",
                        "attributes": {
                            "destination_cidr_block": "10.126.20.0/22",
                            "destination_prefix_list_id": "",
                            "egress_only_gateway_id": "",
                            "gateway_id": "",
                            "id": "r-rtb-efc5e5972261051415",
                            "instance_id": "",
                            "instance_owner_id": "",
                            "nat_gateway_id": "",
                            "network_interface_id": "",
                            "origin": "CreateRoute",
                            "route_table_id": "rtb-efc5e597",
                            "state": "active",
                            "vpc_peering_connection_id": "pcx-adc2b3c4"
                        },
                        "meta": {},
                        "tainted": false
                    },
                    "deposed": [],
                    "provider": ""
                },
                "aws_route.infra_natdc.1": {
                    "type": "aws_route",
                    "depends_on": [
                        "aws_vpc_peering_connection.infra"
                    ],
                    "primary": {
                        "id": "r-rtb-84caeafc2261051415",
                        "attributes": {
                            "destination_cidr_block": "10.126.20.0/22",
                            "destination_prefix_list_id": "",
                            "egress_only_gateway_id": "",
                            "gateway_id": "",
                            "id": "r-rtb-84caeafc2261051415",
                            "instance_id": "",
                            "instance_owner_id": "",
                            "nat_gateway_id": "",
                            "network_interface_id": "",
                            "origin": "CreateRoute",
                            "route_table_id": "rtb-84caeafc",
                            "state": "active",
                            "vpc_peering_connection_id": "pcx-adc2b3c4"
                        },
                        "meta": {},
                        "tainted": false
                    },
                    "deposed": [],
                    "provider": ""
                },
                "aws_route.infra_natdc.2": {
                    "type": "aws_route",
                    "depends_on": [
                        "aws_vpc_peering_connection.infra"
                    ],
                    "primary": {
                        "id": "r-rtb-2fc3e3572261051415",
                        "attributes": {
                            "destination_cidr_block": "10.126.20.0/22",
                            "destination_prefix_list_id": "",
                            "egress_only_gateway_id": "",
                            "gateway_id": "",
                            "id": "r-rtb-2fc3e3572261051415",
                            "instance_id": "",
                            "instance_owner_id": "",
                            "nat_gateway_id": "",
                            "network_interface_id": "",
                            "origin": "CreateRoute",
                            "route_table_id": "rtb-2fc3e357",
                            "state": "active",
                            "vpc_peering_connection_id": "pcx-adc2b3c4"
                        },
                        "meta": {},
                        "tainted": false
                    },
                    "deposed": [],
                    "provider": ""
                },
                "aws_route.infra_natdc.3": {
                    "type": "aws_route",
                    "depends_on": [
                        "aws_vpc_peering_connection.infra"
                    ],
                    "primary": {
                        "id": "r-rtb-99af8fe12261051415",
                        "attributes": {
                            "destination_cidr_block": "10.126.20.0/22",
                            "destination_prefix_list_id": "",
                            "egress_only_gateway_id": "",
                            "gateway_id": "",
                            "id": "r-rtb-99af8fe12261051415",
                            "instance_id": "",
                            "instance_owner_id": "",
                            "nat_gateway_id": "",
                            "network_interface_id": "",
                            "origin": "CreateRoute",
                            "route_table_id": "rtb-99af8fe1",
                            "state": "active",
                            "vpc_peering_connection_id": "pcx-adc2b3c4"
                        },
                        "meta": {},
                        "tainted": false
                    },
                    "deposed": [],
                    "provider": ""
                },
                "aws_route.infra_natdc.4": {
                    "type": "aws_route",
                    "depends_on": [
                        "aws_vpc_peering_connection.infra"
                    ],
                    "primary": {
                        "id": "r-rtb-93ad8deb2261051415",
                        "attributes": {
                            "destination_cidr_block": "10.126.20.0/22",
                            "destination_prefix_list_id": "",
                            "egress_only_gateway_id": "",
                            "gateway_id": "",
                            "id": "r-rtb-93ad8deb2261051415",
                            "instance_id": "",
                            "instance_owner_id": "",
                            "nat_gateway_id": "",
                            "network_interface_id": "",
                            "origin": "CreateRoute",
                            "route_table_id": "rtb-93ad8deb",
                            "state": "active",
                            "vpc_peering_connection_id": "pcx-adc2b3c4"
                        },
                        "meta": {},
                        "tainted": false
                    },
                    "deposed": [],
                    "provider": ""
                },
                "aws_route.infra_private": {
                    "type": "aws_route",
                    "depends_on": [
                        "aws_vpc_peering_connection.infra"
                    ],
                    "primary": {
                        "id": "r-rtb-36c3e34e2261051415",
                        "attributes": {
                            "destination_cidr_block": "10.126.20.0/22",
                            "destination_prefix_list_id": "",
                            "egress_only_gateway_id": "",
                            "gateway_id": "",
                            "id": "r-rtb-36c3e34e2261051415",
                            "instance_id": "",
                            "instance_owner_id": "",
                            "nat_gateway_id": "",
                            "network_interface_id": "",
                            "origin": "CreateRoute",
                            "route_table_id": "rtb-36c3e34e",
                            "state": "active",
                            "vpc_peering_connection_id": "pcx-adc2b3c4"
                        },
                        "meta": {},
                        "tainted": false
                    },
                    "deposed": [],
                    "provider": ""
                },
                "aws_route.infra_public": {
                    "type": "aws_route",
                    "depends_on": [
                        "aws_vpc_peering_connection.infra"
                    ],
                    "primary": {
                        "id": "r-rtb-69c9e9112261051415",
                        "attributes": {
                            "destination_cidr_block": "10.126.20.0/22",
                            "destination_prefix_list_id": "",
                            "egress_only_gateway_id": "",
                            "gateway_id": "",
                            "id": "r-rtb-69c9e9112261051415",
                            "instance_id": "",
                            "instance_owner_id": "",
                            "nat_gateway_id": "",
                            "network_interface_id": "",
                            "origin": "CreateRoute",
                            "route_table_id": "rtb-69c9e911",
                            "state": "active",
                            "vpc_peering_connection_id": "pcx-adc2b3c4"
                        },
                        "meta": {},
                        "tainted": false
                    },
                    "deposed": [],
                    "provider": ""
                },
                "aws_route.microservices_jcx_natdc.0": {
                    "type": "aws_route",
                    "depends_on": [
                        "aws_route_table.natdc.*"
                    ],
                    "primary": {
                        "id": "r-rtb-a0bf9fd82233008665",
                        "attributes": {
                            "destination_cidr_block": "10.125.96.0/20",
                            "destination_prefix_list_id": "",
                            "egress_only_gateway_id": "",
                            "gateway_id": "",
                            "id": "r-rtb-a0bf9fd82233008665",
                            "instance_id": "",
                            "instance_owner_id": "",
                            "nat_gateway_id": "",
                            "network_interface_id": "",
                            "origin": "CreateRoute",
                            "route_table_id": "rtb-a0bf9fd8",
                            "state": "active",
                            "vpc_peering_connection_id": "pcx-5c621135"
                        },
                        "meta": {},
                        "tainted": false
                    },
                    "deposed": [],
                    "provider": ""
                },
                "aws_route.microservices_jcx_natdc.1": {
                    "type": "aws_route",
                    "depends_on": [
                        "aws_route_table.natdc.*"
                    ],
                    "primary": {
                        "id": "r-rtb-94bd9dec2233008665",
                        "attributes": {
                            "destination_cidr_block": "10.125.96.0/20",
                            "destination_prefix_list_id": "",
                            "egress_only_gateway_id": "",
                            "gateway_id": "",
                            "id": "r-rtb-94bd9dec2233008665",
                            "instance_id": "",
                            "instance_owner_id": "",
                            "nat_gateway_id": "",
                            "network_interface_id": "",
                            "origin": "CreateRoute",
                            "route_table_id": "rtb-94bd9dec",
                            "state": "active",
                            "vpc_peering_connection_id": "pcx-5c621135"
                        },
                        "meta": {},
                        "tainted": false
                    },
                    "deposed": [],
                    "provider": ""
                },
                "aws_route.microservices_jcx_natdc.2": {
                    "type": "aws_route",
                    "depends_on": [
                        "aws_route_table.natdc.*"
                    ],
                    "primary": {
                        "id": "r-rtb-d980a0a12233008665",
                        "attributes": {
                            "destination_cidr_block": "10.125.96.0/20",
                            "destination_prefix_list_id": "",
                            "egress_only_gateway_id": "",
                            "gateway_id": "",
                            "id": "r-rtb-d980a0a12233008665",
                            "instance_id": "",
                            "instance_owner_id": "",
                            "nat_gateway_id": "",
                            "network_interface_id": "",
                            "origin": "CreateRoute",
                            "route_table_id": "rtb-d980a0a1",
                            "state": "active",
                            "vpc_peering_connection_id": "pcx-5c621135"
                        },
                        "meta": {},
                        "tainted": false
                    },
                    "deposed": [],
                    "provider": ""
                },
                "aws_route.microservices_jcx_natdc.3": {
                    "type": "aws_route",
                    "depends_on": [
                        "aws_route_table.natdc.*"
                    ],
                    "primary": {
                        "id": "r-rtb-53b8982b2233008665",
                        "attributes": {
                            "destination_cidr_block": "10.125.96.0/20",
                            "destination_prefix_list_id": "",
                            "egress_only_gateway_id": "",
                            "gateway_id": "",
                            "id": "r-rtb-53b8982b2233008665",
                            "instance_id": "",
                            "instance_owner_id": "",
                            "nat_gateway_id": "",
                            "network_interface_id": "",
                            "origin": "CreateRoute",
                            "route_table_id": "rtb-53b8982b",
                            "state": "active",
                            "vpc_peering_connection_id": "pcx-5c621135"
                        },
                        "meta": {},
                        "tainted": false
                    },
                    "deposed": [],
                    "provider": ""
                },
                "aws_route.microservices_jcx_natdc.4": {
                    "type": "aws_route",
                    "depends_on": [
                        "aws_route_table.natdc.*"
                    ],
                    "primary": {
                        "id": "r-rtb-0dbf9f752233008665",
                        "attributes": {
                            "destination_cidr_block": "10.125.96.0/20",
                            "destination_prefix_list_id": "",
                            "egress_only_gateway_id": "",
                            "gateway_id": "",
                            "id": "r-rtb-0dbf9f752233008665",
                            "instance_id": "",
                            "instance_owner_id": "",
                            "nat_gateway_id": "",
                            "network_interface_id": "",
                            "origin": "CreateRoute",
                            "route_table_id": "rtb-0dbf9f75",
                            "state": "active",
                            "vpc_peering_connection_id": "pcx-5c621135"
                        },
                        "meta": {},
                        "tainted": false
                    },
                    "deposed": [],
                    "provider": ""
                },
                "aws_route.microservices_jcx_private": {
                    "type": "aws_route",
                    "depends_on": [
                        "aws_route_table.private"
                    ],
                    "primary": {
                        "id": "r-rtb-77bf9f0f2233008665",
                        "attributes": {
                            "destination_cidr_block": "10.125.96.0/20",
                            "destination_prefix_list_id": "",
                            "egress_only_gateway_id": "",
                            "gateway_id": "",
                            "id": "r-rtb-77bf9f0f2233008665",
                            "instance_id": "",
                            "instance_owner_id": "",
                            "nat_gateway_id": "",
                            "network_interface_id": "",
                            "origin": "CreateRoute",
                            "route_table_id": "rtb-77bf9f0f",
                            "state": "active",
                            "vpc_peering_connection_id": "pcx-5c621135"
                        },
                        "meta": {},
                        "tainted": false
                    },
                    "deposed": [],
                    "provider": ""
                },
                "aws_route.microservices_jcx_public": {
                    "type": "aws_route",
                    "depends_on": [
                        "aws_route_table.public"
                    ],
                    "primary": {
                        "id": "r-rtb-adba9ad52233008665",
                        "attributes": {
                            "destination_cidr_block": "10.125.96.0/20",
                            "destination_prefix_list_id": "",
                            "egress_only_gateway_id": "",
                            "gateway_id": "",
                            "id": "r-rtb-adba9ad52233008665",
                            "instance_id": "",
                            "instance_owner_id": "",
                            "nat_gateway_id": "",
                            "network_interface_id": "",
                            "origin": "CreateRoute",
                            "route_table_id": "rtb-adba9ad5",
                            "state": "active",
                            "vpc_peering_connection_id": "pcx-5c621135"
                        },
                        "meta": {},
                        "tainted": false
                    },
                    "deposed": [],
                    "provider": ""
                },
                "aws_route.microservices_natdc.0": {
                    "type": "aws_route",
                    "depends_on": [
                        "aws_route_table.natdc.*"
                    ],
                    "primary": {
                        "id": "r-rtb-a0bf9fd83773308537",
                        "attributes": {
                            "destination_cidr_block": "10.125.0.0/19",
                            "destination_prefix_list_id": "",
                            "egress_only_gateway_id": "",
                            "gateway_id": "",
                            "id": "r-rtb-a0bf9fd83773308537",
                            "instance_id": "",
                            "instance_owner_id": "",
                            "nat_gateway_id": "",
                            "network_interface_id": "",
                            "origin": "CreateRoute",
                            "route_table_id": "rtb-a0bf9fd8",
                            "state": "active",
                            "vpc_peering_connection_id": "pcx-e8780b81"
                        },
                        "meta": {},
                        "tainted": false
                    },
                    "deposed": [],
                    "provider": ""
                },
                "aws_route.microservices_natdc.1": {
                    "type": "aws_route",
                    "depends_on": [
                        "aws_route_table.natdc.*"
                    ],
                    "primary": {
                        "id": "r-rtb-94bd9dec3773308537",
                        "attributes": {
                            "destination_cidr_block": "10.125.0.0/19",
                            "destination_prefix_list_id": "",
                            "egress_only_gateway_id": "",
                            "gateway_id": "",
                            "id": "r-rtb-94bd9dec3773308537",
                            "instance_id": "",
                            "instance_owner_id": "",
                            "nat_gateway_id": "",
                            "network_interface_id": "",
                            "origin": "CreateRoute",
                            "route_table_id": "rtb-94bd9dec",
                            "state": "active",
                            "vpc_peering_connection_id": "pcx-e8780b81"
                        },
                        "meta": {},
                        "tainted": false
                    },
                    "deposed": [],
                    "provider": ""
                },
                "aws_route.microservices_natdc.2": {
                    "type": "aws_route",
                    "depends_on": [
                        "aws_route_table.natdc.*"
                    ],
                    "primary": {
                        "id": "r-rtb-d980a0a13773308537",
                        "attributes": {
                            "destination_cidr_block": "10.125.0.0/19",
                            "destination_prefix_list_id": "",
                            "egress_only_gateway_id": "",
                            "gateway_id": "",
                            "id": "r-rtb-d980a0a13773308537",
                            "instance_id": "",
                            "instance_owner_id": "",
                            "nat_gateway_id": "",
                            "network_interface_id": "",
                            "origin": "CreateRoute",
                            "route_table_id": "rtb-d980a0a1",
                            "state": "active",
                            "vpc_peering_connection_id": "pcx-e8780b81"
                        },
                        "meta": {},
                        "tainted": false
                    },
                    "deposed": [],
                    "provider": ""
                },
                "aws_route.microservices_natdc.3": {
                    "type": "aws_route",
                    "depends_on": [
                        "aws_route_table.natdc.*"
                    ],
                    "primary": {
                        "id": "r-rtb-53b8982b3773308537",
                        "attributes": {
                            "destination_cidr_block": "10.125.0.0/19",
                            "destination_prefix_list_id": "",
                            "egress_only_gateway_id": "",
                            "gateway_id": "",
                            "id": "r-rtb-53b8982b3773308537",
                            "instance_id": "",
                            "instance_owner_id": "",
                            "nat_gateway_id": "",
                            "network_interface_id": "",
                            "origin": "CreateRoute",
                            "route_table_id": "rtb-53b8982b",
                            "state": "active",
                            "vpc_peering_connection_id": "pcx-e8780b81"
                        },
                        "meta": {},
                        "tainted": false
                    },
                    "deposed": [],
                    "provider": ""
                },
                "aws_route.microservices_natdc.4": {
                    "type": "aws_route",
                    "depends_on": [
                        "aws_route_table.natdc.*"
                    ],
                    "primary": {
                        "id": "r-rtb-0dbf9f753773308537",
                        "attributes": {
                            "destination_cidr_block": "10.125.0.0/19",
                            "destination_prefix_list_id": "",
                            "egress_only_gateway_id": "",
                            "gateway_id": "",
                            "id": "r-rtb-0dbf9f753773308537",
                            "instance_id": "",
                            "instance_owner_id": "",
                            "nat_gateway_id": "",
                            "network_interface_id": "",
                            "origin": "CreateRoute",
                            "route_table_id": "rtb-0dbf9f75",
                            "state": "active",
                            "vpc_peering_connection_id": "pcx-e8780b81"
                        },
                        "meta": {},
                        "tainted": false
                    },
                    "deposed": [],
                    "provider": ""
                },
                "aws_route.microservices_private": {
                    "type": "aws_route",
                    "depends_on": [
                        "aws_route_table.private"
                    ],
                    "primary": {
                        "id": "r-rtb-77bf9f0f3773308537",
                        "attributes": {
                            "destination_cidr_block": "10.125.0.0/19",
                            "destination_prefix_list_id": "",
                            "egress_only_gateway_id": "",
                            "gateway_id": "",
                            "id": "r-rtb-77bf9f0f3773308537",
                            "instance_id": "",
                            "instance_owner_id": "",
                            "nat_gateway_id": "",
                            "network_interface_id": "",
                            "origin": "CreateRoute",
                            "route_table_id": "rtb-77bf9f0f",
                            "state": "active",
                            "vpc_peering_connection_id": "pcx-e8780b81"
                        },
                        "meta": {},
                        "tainted": false
                    },
                    "deposed": [],
                    "provider": ""
                },
                "aws_route.microservices_public": {
                    "type": "aws_route",
                    "depends_on": [
                        "aws_route_table.public"
                    ],
                    "primary": {
                        "id": "r-rtb-adba9ad53773308537",
                        "attributes": {
                            "destination_cidr_block": "10.125.0.0/19",
                            "destination_prefix_list_id": "",
                            "egress_only_gateway_id": "",
                            "gateway_id": "",
                            "id": "r-rtb-adba9ad53773308537",
                            "instance_id": "",
                            "instance_owner_id": "",
                            "nat_gateway_id": "",
                            "network_interface_id": "",
                            "origin": "CreateRoute",
                            "route_table_id": "rtb-adba9ad5",
                            "state": "active",
                            "vpc_peering_connection_id": "pcx-e8780b81"
                        },
                        "meta": {},
                        "tainted": false
                    },
                    "deposed": [],
                    "provider": ""
                },
                "aws_route53_zone_association.route53": {
                    "type": "aws_route53_zone_association",
                    "depends_on": [
                        "aws_vpc.main"
                    ],
                    "primary": {
                        "id": "Z17UOFXP4LI2IE:vpc-fe43de87",
                        "attributes": {
                            "id": "Z17UOFXP4LI2IE:vpc-fe43de87",
                            "vpc_id": "vpc-fe43de87",
                            "vpc_region": "us-east-1",
                            "zone_id": "Z17UOFXP4LI2IE"
                        },
                        "meta": {},
                        "tainted": false
                    },
                    "deposed": [],
                    "provider": ""
                },
                "aws_route_table.natdc.0": {
                    "type": "aws_route_table",
                    "depends_on": [
                        "aws_nat_gateway.natgw.*",
                        "aws_vpc.main",
                        "aws_vpn_gateway.vgw"
                    ],
                    "primary": {
                        "id": "rtb-a0bf9fd8",
                        "attributes": {
                            "id": "rtb-a0bf9fd8",
                            "propagating_vgws.#": "1",
                            "propagating_vgws.3723133961": "vgw-178b607e",
                            "route.#": "4",
                            "route.1656428373.cidr_block": "0.0.0.0/0",
                            "route.1656428373.egress_only_gateway_id": "",
                            "route.1656428373.gateway_id": "",
                            "route.1656428373.instance_id": "",
                            "route.1656428373.ipv6_cidr_block": "",
                            "route.1656428373.nat_gateway_id": "nat-065ebbce53ab3aff4",
                            "route.1656428373.network_interface_id": "",
                            "route.1656428373.vpc_peering_connection_id": "",
                            "route.1817748915.cidr_block": "10.127.49.7/32",
                            "route.1817748915.egress_only_gateway_id": "",
                            "route.1817748915.gateway_id": "",
                            "route.1817748915.instance_id": "",
                            "route.1817748915.ipv6_cidr_block": "",
                            "route.1817748915.nat_gateway_id": "",
                            "route.1817748915.network_interface_id": "",
                            "route.1817748915.vpc_peering_connection_id": "pcx-adc2b3c4",
                            "route.1888687872.cidr_block": "10.125.0.0/19",
                            "route.1888687872.egress_only_gateway_id": "",
                            "route.1888687872.gateway_id": "",
                            "route.1888687872.instance_id": "",
                            "route.1888687872.ipv6_cidr_block": "",
                            "route.1888687872.nat_gateway_id": "",
                            "route.1888687872.network_interface_id": "",
                            "route.1888687872.vpc_peering_connection_id": "pcx-e8780b81",
                            "route.3307780650.cidr_block": "10.125.96.0/20",
                            "route.3307780650.egress_only_gateway_id": "",
                            "route.3307780650.gateway_id": "",
                            "route.3307780650.instance_id": "",
                            "route.3307780650.ipv6_cidr_block": "",
                            "route.3307780650.nat_gateway_id": "",
                            "route.3307780650.network_interface_id": "",
                            "route.3307780650.vpc_peering_connection_id": "pcx-5c621135",
                            "tags.%": "5",
                            "tags.Name": "test-natdc-routetable",
                            "tags.account_name": "jive-reco-pipeline",
                            "tags.pipeline_phase": "test",
                            "tags.region": "us-east-1",
                            "tags.sla": "non-prod",
                            "vpc_id": "vpc-fe43de87"
                        },
                        "meta": {},
                        "tainted": false
                    },
                    "deposed": [],
                    "provider": ""
                },
                "aws_route_table.natdc.1": {
                    "type": "aws_route_table",
                    "depends_on": [
                        "aws_nat_gateway.natgw.*",
                        "aws_vpc.main",
                        "aws_vpn_gateway.vgw"
                    ],
                    "primary": {
                        "id": "rtb-94bd9dec",
                        "attributes": {
                            "id": "rtb-94bd9dec",
                            "propagating_vgws.#": "1",
                            "propagating_vgws.3723133961": "vgw-178b607e",
                            "route.#": "4",
                            "route.1440421576.cidr_block": "0.0.0.0/0",
                            "route.1440421576.egress_only_gateway_id": "",
                            "route.1440421576.gateway_id": "",
                            "route.1440421576.instance_id": "",
                            "route.1440421576.ipv6_cidr_block": "",
                            "route.1440421576.nat_gateway_id": "nat-05d28d051b7bf8b79",
                            "route.1440421576.network_interface_id": "",
                            "route.1440421576.vpc_peering_connection_id": "",
                            "route.1817748915.cidr_block": "10.127.49.7/32",
                            "route.1817748915.egress_only_gateway_id": "",
                            "route.1817748915.gateway_id": "",
                            "route.1817748915.instance_id": "",
                            "route.1817748915.ipv6_cidr_block": "",
                            "route.1817748915.nat_gateway_id": "",
                            "route.1817748915.network_interface_id": "",
                            "route.1817748915.vpc_peering_connection_id": "pcx-adc2b3c4",
                            "route.1888687872.cidr_block": "10.125.0.0/19",
                            "route.1888687872.egress_only_gateway_id": "",
                            "route.1888687872.gateway_id": "",
                            "route.1888687872.instance_id": "",
                            "route.1888687872.ipv6_cidr_block": "",
                            "route.1888687872.nat_gateway_id": "",
                            "route.1888687872.network_interface_id": "",
                            "route.1888687872.vpc_peering_connection_id": "pcx-e8780b81",
                            "route.3307780650.cidr_block": "10.125.96.0/20",
                            "route.3307780650.egress_only_gateway_id": "",
                            "route.3307780650.gateway_id": "",
                            "route.3307780650.instance_id": "",
                            "route.3307780650.ipv6_cidr_block": "",
                            "route.3307780650.nat_gateway_id": "",
                            "route.3307780650.network_interface_id": "",
                            "route.3307780650.vpc_peering_connection_id": "pcx-5c621135",
                            "tags.%": "5",
                            "tags.Name": "test-natdc-routetable",
                            "tags.account_name": "jive-reco-pipeline",
                            "tags.pipeline_phase": "test",
                            "tags.region": "us-east-1",
                            "tags.sla": "non-prod",
                            "vpc_id": "vpc-fe43de87"
                        },
                        "meta": {},
                        "tainted": false
                    },
                    "deposed": [],
                    "provider": ""
                },
                "aws_route_table.natdc.2": {
                    "type": "aws_route_table",
                    "depends_on": [
                        "aws_nat_gateway.natgw.*",
                        "aws_vpc.main",
                        "aws_vpn_gateway.vgw"
                    ],
                    "primary": {
                        "id": "rtb-d980a0a1",
                        "attributes": {
                            "id": "rtb-d980a0a1",
                            "propagating_vgws.#": "1",
                            "propagating_vgws.3723133961": "vgw-178b607e",
                            "route.#": "4",
                            "route.1817748915.cidr_block": "10.127.49.7/32",
                            "route.1817748915.egress_only_gateway_id": "",
                            "route.1817748915.gateway_id": "",
                            "route.1817748915.instance_id": "",
                            "route.1817748915.ipv6_cidr_block": "",
                            "route.1817748915.nat_gateway_id": "",
                            "route.1817748915.network_interface_id": "",
                            "route.1817748915.vpc_peering_connection_id": "pcx-adc2b3c4",
                            "route.1888687872.cidr_block": "10.125.0.0/19",
                            "route.1888687872.egress_only_gateway_id": "",
                            "route.1888687872.gateway_id": "",
                            "route.1888687872.instance_id": "",
                            "route.1888687872.ipv6_cidr_block": "",
                            "route.1888687872.nat_gateway_id": "",
                            "route.1888687872.network_interface_id": "",
                            "route.1888687872.vpc_peering_connection_id": "pcx-e8780b81",
                            "route.270377452.cidr_block": "0.0.0.0/0",
                            "route.270377452.egress_only_gateway_id": "",
                            "route.270377452.gateway_id": "",
                            "route.270377452.instance_id": "",
                            "route.270377452.ipv6_cidr_block": "",
                            "route.270377452.nat_gateway_id": "nat-05f90447c7f35dfc4",
                            "route.270377452.network_interface_id": "",
                            "route.270377452.vpc_peering_connection_id": "",
                            "route.3307780650.cidr_block": "10.125.96.0/20",
                            "route.3307780650.egress_only_gateway_id": "",
                            "route.3307780650.gateway_id": "",
                            "route.3307780650.instance_id": "",
                            "route.3307780650.ipv6_cidr_block": "",
                            "route.3307780650.nat_gateway_id": "",
                            "route.3307780650.network_interface_id": "",
                            "route.3307780650.vpc_peering_connection_id": "pcx-5c621135",
                            "tags.%": "5",
                            "tags.Name": "test-natdc-routetable",
                            "tags.account_name": "jive-reco-pipeline",
                            "tags.pipeline_phase": "test",
                            "tags.region": "us-east-1",
                            "tags.sla": "non-prod",
                            "vpc_id": "vpc-fe43de87"
                        },
                        "meta": {},
                        "tainted": false
                    },
                    "deposed": [],
                    "provider": ""
                },
                "aws_route_table.natdc.3": {
                    "type": "aws_route_table",
                    "depends_on": [
                        "aws_nat_gateway.natgw.*",
                        "aws_vpc.main",
                        "aws_vpn_gateway.vgw"
                    ],
                    "primary": {
                        "id": "rtb-53b8982b",
                        "attributes": {
                            "id": "rtb-53b8982b",
                            "propagating_vgws.#": "1",
                            "propagating_vgws.3723133961": "vgw-178b607e",
                            "route.#": "4",
                            "route.1817748915.cidr_block": "10.127.49.7/32",
                            "route.1817748915.egress_only_gateway_id": "",
                            "route.1817748915.gateway_id": "",
                            "route.1817748915.instance_id": "",
                            "route.1817748915.ipv6_cidr_block": "",
                            "route.1817748915.nat_gateway_id": "",
                            "route.1817748915.network_interface_id": "",
                            "route.1817748915.vpc_peering_connection_id": "pcx-adc2b3c4",
                            "route.1888687872.cidr_block": "10.125.0.0/19",
                            "route.1888687872.egress_only_gateway_id": "",
                            "route.1888687872.gateway_id": "",
                            "route.1888687872.instance_id": "",
                            "route.1888687872.ipv6_cidr_block": "",
                            "route.1888687872.nat_gateway_id": "",
                            "route.1888687872.network_interface_id": "",
                            "route.1888687872.vpc_peering_connection_id": "pcx-e8780b81",
                            "route.3307780650.cidr_block": "10.125.96.0/20",
                            "route.3307780650.egress_only_gateway_id": "",
                            "route.3307780650.gateway_id": "",
                            "route.3307780650.instance_id": "",
                            "route.3307780650.ipv6_cidr_block": "",
                            "route.3307780650.nat_gateway_id": "",
                            "route.3307780650.network_interface_id": "",
                            "route.3307780650.vpc_peering_connection_id": "pcx-5c621135",
                            "route.609910272.cidr_block": "0.0.0.0/0",
                            "route.609910272.egress_only_gateway_id": "",
                            "route.609910272.gateway_id": "",
                            "route.609910272.instance_id": "",
                            "route.609910272.ipv6_cidr_block": "",
                            "route.609910272.nat_gateway_id": "nat-087651aaf671bd377",
                            "route.609910272.network_interface_id": "",
                            "route.609910272.vpc_peering_connection_id": "",
                            "tags.%": "5",
                            "tags.Name": "test-natdc-routetable",
                            "tags.account_name": "jive-reco-pipeline",
                            "tags.pipeline_phase": "test",
                            "tags.region": "us-east-1",
                            "tags.sla": "non-prod",
                            "vpc_id": "vpc-fe43de87"
                        },
                        "meta": {},
                        "tainted": false
                    },
                    "deposed": [],
                    "provider": ""
                },
                "aws_route_table.natdc.4": {
                    "type": "aws_route_table",
                    "depends_on": [
                        "aws_nat_gateway.natgw.*",
                        "aws_vpc.main",
                        "aws_vpn_gateway.vgw"
                    ],
                    "primary": {
                        "id": "rtb-0dbf9f75",
                        "attributes": {
                            "id": "rtb-0dbf9f75",
                            "propagating_vgws.#": "1",
                            "propagating_vgws.3723133961": "vgw-178b607e",
                            "route.#": "4",
                            "route.1439626564.cidr_block": "0.0.0.0/0",
                            "route.1439626564.egress_only_gateway_id": "",
                            "route.1439626564.gateway_id": "",
                            "route.1439626564.instance_id": "",
                            "route.1439626564.ipv6_cidr_block": "",
                            "route.1439626564.nat_gateway_id": "nat-0e8b3689b441e98a9",
                            "route.1439626564.network_interface_id": "",
                            "route.1439626564.vpc_peering_connection_id": "",
                            "route.1817748915.cidr_block": "10.127.49.7/32",
                            "route.1817748915.egress_only_gateway_id": "",
                            "route.1817748915.gateway_id": "",
                            "route.1817748915.instance_id": "",
                            "route.1817748915.ipv6_cidr_block": "",
                            "route.1817748915.nat_gateway_id": "",
                            "route.1817748915.network_interface_id": "",
                            "route.1817748915.vpc_peering_connection_id": "pcx-adc2b3c4",
                            "route.1888687872.cidr_block": "10.125.0.0/19",
                            "route.1888687872.egress_only_gateway_id": "",
                            "route.1888687872.gateway_id": "",
                            "route.1888687872.instance_id": "",
                            "route.1888687872.ipv6_cidr_block": "",
                            "route.1888687872.nat_gateway_id": "",
                            "route.1888687872.network_interface_id": "",
                            "route.1888687872.vpc_peering_connection_id": "pcx-e8780b81",
                            "route.3307780650.cidr_block": "10.125.96.0/20",
                            "route.3307780650.egress_only_gateway_id": "",
                            "route.3307780650.gateway_id": "",
                            "route.3307780650.instance_id": "",
                            "route.3307780650.ipv6_cidr_block": "",
                            "route.3307780650.nat_gateway_id": "",
                            "route.3307780650.network_interface_id": "",
                            "route.3307780650.vpc_peering_connection_id": "pcx-5c621135",
                            "tags.%": "5",
                            "tags.Name": "test-natdc-routetable",
                            "tags.account_name": "jive-reco-pipeline",
                            "tags.pipeline_phase": "test",
                            "tags.region": "us-east-1",
                            "tags.sla": "non-prod",
                            "vpc_id": "vpc-fe43de87"
                        },
                        "meta": {},
                        "tainted": false
                    },
                    "deposed": [],
                    "provider": ""
                },
                "aws_route_table.private": {
                    "type": "aws_route_table",
                    "depends_on": [
                        "aws_vpc.main"
                    ],
                    "primary": {
                        "id": "rtb-77bf9f0f",
                        "attributes": {
                            "id": "rtb-77bf9f0f",
                            "propagating_vgws.#": "0",
                            "route.#": "3",
                            "route.1817748915.cidr_block": "10.127.49.7/32",
                            "route.1817748915.egress_only_gateway_id": "",
                            "route.1817748915.gateway_id": "",
                            "route.1817748915.instance_id": "",
                            "route.1817748915.ipv6_cidr_block": "",
                            "route.1817748915.nat_gateway_id": "",
                            "route.1817748915.network_interface_id": "",
                            "route.1817748915.vpc_peering_connection_id": "pcx-adc2b3c4",
                            "route.1888687872.cidr_block": "10.125.0.0/19",
                            "route.1888687872.egress_only_gateway_id": "",
                            "route.1888687872.gateway_id": "",
                            "route.1888687872.instance_id": "",
                            "route.1888687872.ipv6_cidr_block": "",
                            "route.1888687872.nat_gateway_id": "",
                            "route.1888687872.network_interface_id": "",
                            "route.1888687872.vpc_peering_connection_id": "pcx-e8780b81",
                            "route.3307780650.cidr_block": "10.125.96.0/20",
                            "route.3307780650.egress_only_gateway_id": "",
                            "route.3307780650.gateway_id": "",
                            "route.3307780650.instance_id": "",
                            "route.3307780650.ipv6_cidr_block": "",
                            "route.3307780650.nat_gateway_id": "",
                            "route.3307780650.network_interface_id": "",
                            "route.3307780650.vpc_peering_connection_id": "pcx-5c621135",
                            "tags.%": "5",
                            "tags.Name": "test-private-routetable",
                            "tags.account_name": "jive-reco-pipeline",
                            "tags.pipeline_phase": "test",
                            "tags.region": "us-east-1",
                            "tags.sla": "non-prod",
                            "vpc_id": "vpc-fe43de87"
                        },
                        "meta": {},
                        "tainted": false
                    },
                    "deposed": [],
                    "provider": ""
                },
                "aws_route_table.public": {
                    "type": "aws_route_table",
                    "depends_on": [
                        "aws_internet_gateway.igw",
                        "aws_vpc.main"
                    ],
                    "primary": {
                        "id": "rtb-adba9ad5",
                        "attributes": {
                            "id": "rtb-adba9ad5",
                            "propagating_vgws.#": "0",
                            "route.#": "4",
                            "route.1817748915.cidr_block": "10.127.49.7/32",
                            "route.1817748915.egress_only_gateway_id": "",
                            "route.1817748915.gateway_id": "",
                            "route.1817748915.instance_id": "",
                            "route.1817748915.ipv6_cidr_block": "",
                            "route.1817748915.nat_gateway_id": "",
                            "route.1817748915.network_interface_id": "",
                            "route.1817748915.vpc_peering_connection_id": "pcx-adc2b3c4",
                            "route.1888687872.cidr_block": "10.125.0.0/19",
                            "route.1888687872.egress_only_gateway_id": "",
                            "route.1888687872.gateway_id": "",
                            "route.1888687872.instance_id": "",
                            "route.1888687872.ipv6_cidr_block": "",
                            "route.1888687872.nat_gateway_id": "",
                            "route.1888687872.network_interface_id": "",
                            "route.1888687872.vpc_peering_connection_id": "pcx-e8780b81",
                            "route.3307780650.cidr_block": "10.125.96.0/20",
                            "route.3307780650.egress_only_gateway_id": "",
                            "route.3307780650.gateway_id": "",
                            "route.3307780650.instance_id": "",
                            "route.3307780650.ipv6_cidr_block": "",
                            "route.3307780650.nat_gateway_id": "",
                            "route.3307780650.network_interface_id": "",
                            "route.3307780650.vpc_peering_connection_id": "pcx-5c621135",
                            "route.334925461.cidr_block": "0.0.0.0/0",
                            "route.334925461.egress_only_gateway_id": "",
                            "route.334925461.gateway_id": "igw-02367464",
                            "route.334925461.instance_id": "",
                            "route.334925461.ipv6_cidr_block": "",
                            "route.334925461.nat_gateway_id": "",
                            "route.334925461.network_interface_id": "",
                            "route.334925461.vpc_peering_connection_id": "",
                            "tags.%": "6",
                            "tags.KubernetesCluster": "us-east-1_jive-reco-pipeline",
                            "tags.Name": "test-public-routetable",
                            "tags.account_name": "jive-reco-pipeline",
                            "tags.pipeline_phase": "test",
                            "tags.region": "us-east-1",
                            "tags.sla": "non-prod",
                            "vpc_id": "vpc-fe43de87"
                        },
                        "meta": {},
                        "tainted": false
                    },
                    "deposed": [],
                    "provider": ""
                },
                "aws_route_table_association.natdc.0": {
                    "type": "aws_route_table_association",
                    "depends_on": [
                        "aws_route_table.natdc.*",
                        "aws_subnet.natdc.*"
                    ],
                    "primary": {
                        "id": "rtbassoc-0ab3a071",
                        "attributes": {
                            "id": "rtbassoc-0ab3a071",
                            "route_table_id": "rtb-a0bf9fd8",
                            "subnet_id": "subnet-b4450afc"
                        },
                        "meta": {},
                        "tainted": false
                    },
                    "deposed": [],
                    "provider": ""
                },
                "aws_route_table_association.natdc.1": {
                    "type": "aws_route_table_association",
                    "depends_on": [
                        "aws_route_table.natdc.*",
                        "aws_subnet.natdc.*"
                    ],
                    "primary": {
                        "id": "rtbassoc-a1b0a3da",
                        "attributes": {
                            "id": "rtbassoc-a1b0a3da",
                            "route_table_id": "rtb-94bd9dec",
                            "subnet_id": "subnet-14139f4e"
                        },
                        "meta": {},
                        "tainted": false
                    },
                    "deposed": [],
                    "provider": ""
                },
                "aws_route_table_association.natdc.2": {
                    "type": "aws_route_table_association",
                    "depends_on": [
                        "aws_route_table.natdc.*",
                        "aws_subnet.natdc.*"
                    ],
                    "primary": {
                        "id": "rtbassoc-918d9eea",
                        "attributes": {
                            "id": "rtbassoc-918d9eea",
                            "route_table_id": "rtb-d980a0a1",
                            "subnet_id": "subnet-dc26c2b8"
                        },
                        "meta": {},
                        "tainted": false
                    },
                    "deposed": [],
                    "provider": ""
                },
                "aws_route_table_association.natdc.3": {
                    "type": "aws_route_table_association",
                    "depends_on": [
                        "aws_route_table.natdc.*",
                        "aws_subnet.natdc.*"
                    ],
                    "primary": {
                        "id": "rtbassoc-29b1a252",
                        "attributes": {
                            "id": "rtbassoc-29b1a252",
                            "route_table_id": "rtb-53b8982b",
                            "subnet_id": "subnet-e23f39de"
                        },
                        "meta": {},
                        "tainted": false
                    },
                    "deposed": [],
                    "provider": ""
                },
                "aws_route_table_association.natdc.4": {
                    "type": "aws_route_table_association",
                    "depends_on": [
                        "aws_route_table.natdc.*",
                        "aws_subnet.natdc.*"
                    ],
                    "primary": {
                        "id": "rtbassoc-348c9f4f",
                        "attributes": {
                            "id": "rtbassoc-348c9f4f",
                            "route_table_id": "rtb-0dbf9f75",
                            "subnet_id": "subnet-a17aee8d"
                        },
                        "meta": {},
                        "tainted": false
                    },
                    "deposed": [],
                    "provider": ""
                },
                "aws_route_table_association.private.0": {
                    "type": "aws_route_table_association",
                    "depends_on": [
                        "aws_route_table.private",
                        "aws_subnet.private.*"
                    ],
                    "primary": {
                        "id": "rtbassoc-5db2a126",
                        "attributes": {
                            "id": "rtbassoc-5db2a126",
                            "route_table_id": "rtb-77bf9f0f",
                            "subnet_id": "subnet-dc7de9f0"
                        },
                        "meta": {},
                        "tainted": false
                    },
                    "deposed": [],
                    "provider": ""
                },
                "aws_route_table_association.private.1": {
                    "type": "aws_route_table_association",
                    "depends_on": [
                        "aws_route_table.private",
                        "aws_subnet.private.*"
                    ],
                    "primary": {
                        "id": "rtbassoc-f28d9e89",
                        "attributes": {
                            "id": "rtbassoc-f28d9e89",
                            "route_table_id": "rtb-77bf9f0f",
                            "subnet_id": "subnet-ea4f00a2"
                        },
                        "meta": {},
                        "tainted": false
                    },
                    "deposed": [],
                    "provider": ""
                },
                "aws_route_table_association.private.2": {
                    "type": "aws_route_table_association",
                    "depends_on": [
                        "aws_route_table.private",
                        "aws_subnet.private.*"
                    ],
                    "primary": {
                        "id": "rtbassoc-be8e9dc5",
                        "attributes": {
                            "id": "rtbassoc-be8e9dc5",
                            "route_table_id": "rtb-77bf9f0f",
                            "subnet_id": "subnet-40129e1a"
                        },
                        "meta": {},
                        "tainted": false
                    },
                    "deposed": [],
                    "provider": ""
                },
                "aws_route_table_association.private.3": {
                    "type": "aws_route_table_association",
                    "depends_on": [
                        "aws_route_table.private",
                        "aws_subnet.private.*"
                    ],
                    "primary": {
                        "id": "rtbassoc-24b6a55f",
                        "attributes": {
                            "id": "rtbassoc-24b6a55f",
                            "route_table_id": "rtb-77bf9f0f",
                            "subnet_id": "subnet-cf23c7ab"
                        },
                        "meta": {},
                        "tainted": false
                    },
                    "deposed": [],
                    "provider": ""
                },
                "aws_route_table_association.private.4": {
                    "type": "aws_route_table_association",
                    "depends_on": [
                        "aws_route_table.private",
                        "aws_subnet.private.*"
                    ],
                    "primary": {
                        "id": "rtbassoc-b3889bc8",
                        "attributes": {
                            "id": "rtbassoc-b3889bc8",
                            "route_table_id": "rtb-77bf9f0f",
                            "subnet_id": "subnet-ab2d2b97"
                        },
                        "meta": {},
                        "tainted": false
                    },
                    "deposed": [],
                    "provider": ""
                },
                "aws_route_table_association.public.0": {
                    "type": "aws_route_table_association",
                    "depends_on": [
                        "aws_route_table.public",
                        "aws_subnet.public.*"
                    ],
                    "primary": {
                        "id": "rtbassoc-8fb2a1f4",
                        "attributes": {
                            "id": "rtbassoc-8fb2a1f4",
                            "route_table_id": "rtb-adba9ad5",
                            "subnet_id": "subnet-9d7befb1"
                        },
                        "meta": {},
                        "tainted": false
                    },
                    "deposed": [],
                    "provider": ""
                },
                "aws_route_table_association.public.1": {
                    "type": "aws_route_table_association",
                    "depends_on": [
                        "aws_route_table.public",
                        "aws_subnet.public.*"
                    ],
                    "primary": {
                        "id": "rtbassoc-4cb7a437",
                        "attributes": {
                            "id": "rtbassoc-4cb7a437",
                            "route_table_id": "rtb-adba9ad5",
                            "subnet_id": "subnet-d0450a98"
                        },
                        "meta": {},
                        "tainted": false
                    },
                    "deposed": [],
                    "provider": ""
                },
                "aws_route_table_association.public.2": {
                    "type": "aws_route_table_association",
                    "depends_on": [
                        "aws_route_table.public",
                        "aws_subnet.public.*"
                    ],
                    "primary": {
                        "id": "rtbassoc-e3b7a498",
                        "attributes": {
                            "id": "rtbassoc-e3b7a498",
                            "route_table_id": "rtb-adba9ad5",
                            "subnet_id": "subnet-662da13c"
                        },
                        "meta": {},
                        "tainted": false
                    },
                    "deposed": [],
                    "provider": ""
                },
                "aws_route_table_association.public.3": {
                    "type": "aws_route_table_association",
                    "depends_on": [
                        "aws_route_table.public",
                        "aws_subnet.public.*"
                    ],
                    "primary": {
                        "id": "rtbassoc-b2889bc9",
                        "attributes": {
                            "id": "rtbassoc-b2889bc9",
                            "route_table_id": "rtb-adba9ad5",
                            "subnet_id": "subnet-ea22c68e"
                        },
                        "meta": {},
                        "tainted": false
                    },
                    "deposed": [],
                    "provider": ""
                },
                "aws_route_table_association.public.4": {
                    "type": "aws_route_table_association",
                    "depends_on": [
                        "aws_route_table.public",
                        "aws_subnet.public.*"
                    ],
                    "primary": {
                        "id": "rtbassoc-b1889bca",
                        "attributes": {
                            "id": "rtbassoc-b1889bca",
                            "route_table_id": "rtb-adba9ad5",
                            "subnet_id": "subnet-f8282ec4"
                        },
                        "meta": {},
                        "tainted": false
                    },
                    "deposed": [],
                    "provider": ""
                },
                "aws_security_group.admin_instance": {
                    "type": "aws_security_group",
                    "depends_on": [
                        "aws_vpc.main"
                    ],
                    "primary": {
                        "id": "sg-5fee962e",
                        "attributes": {
                            "description": "Admin instances for the VPC",
                            "egress.#": "0",
                            "id": "sg-5fee962e",
                            "ingress.#": "0",
                            "name": "test-admin-instance",
                            "owner_id": "642745549043",
                            "tags.%": "5",
                            "tags.account_name": "jive-reco-pipeline",
                            "tags.name": "test-admin-instance",
                            "tags.pipeline_phase": "test",
                            "tags.region": "us-east-1",
                            "tags.sla": "non-prod",
                            "vpc_id": "vpc-fe43de87"
                        },
                        "meta": {},
                        "tainted": false
                    },
                    "deposed": [],
                    "provider": ""
                },
                "aws_security_group.env_instance": {
                    "type": "aws_security_group",
                    "depends_on": [
                        "aws_vpc.main",
                        "data.aws_security_group.bastion"
                    ],
                    "primary": {
                        "id": "sg-87e39bf6",
                        "attributes": {
                            "description": "All instances within the evironment",
                            "egress.#": "1",
                            "egress.482069346.cidr_blocks.#": "1",
                            "egress.482069346.cidr_blocks.0": "0.0.0.0/0",
                            "egress.482069346.from_port": "0",
                            "egress.482069346.ipv6_cidr_blocks.#": "0",
                            "egress.482069346.prefix_list_ids.#": "0",
                            "egress.482069346.protocol": "-1",
                            "egress.482069346.security_groups.#": "0",
                            "egress.482069346.self": "false",
                            "egress.482069346.to_port": "0",
                            "id": "sg-87e39bf6",
                            "ingress.#": "2",
                            "ingress.2237159840.cidr_blocks.#": "0",
                            "ingress.2237159840.from_port": "22",
                            "ingress.2237159840.ipv6_cidr_blocks.#": "0",
                            "ingress.2237159840.protocol": "tcp",
                            "ingress.2237159840.security_groups.#": "1",
                            "ingress.2237159840.security_groups.1773334691": "sg-37631b46",
                            "ingress.2237159840.self": "false",
                            "ingress.2237159840.to_port": "22",
                            "ingress.942441987.cidr_blocks.#": "0",
                            "ingress.942441987.from_port": "8",
                            "ingress.942441987.ipv6_cidr_blocks.#": "0",
                            "ingress.942441987.protocol": "icmp",
                            "ingress.942441987.security_groups.#": "1",
                            "ingress.942441987.security_groups.1773334691": "sg-37631b46",
                            "ingress.942441987.self": "false",
                            "ingress.942441987.to_port": "0",
                            "name": "test-instance",
                            "owner_id": "642745549043",
                            "tags.%": "5",
                            "tags.account_name": "jive-reco-pipeline",
                            "tags.name": "test-instance",
                            "tags.pipeline_phase": "test",
                            "tags.region": "us-east-1",
                            "tags.sla": "non-prod",
                            "vpc_id": "vpc-fe43de87"
                        },
                        "meta": {},
                        "tainted": false
                    },
                    "deposed": [],
                    "provider": ""
                },
                "aws_security_group.natgw_instance": {
                    "type": "aws_security_group",
                    "depends_on": [
                        "aws_security_group.env_instance",
                        "aws_vpc.main"
                    ],
                    "primary": {
                        "id": "sg-f1e09880",
                        "attributes": {
                            "description": "Members of this SG are allowed to send any type of traffic to the NAT Box.",
                            "egress.#": "0",
                            "id": "sg-f1e09880",
                            "ingress.#": "1",
                            "ingress.153304974.cidr_blocks.#": "0",
                            "ingress.153304974.from_port": "0",
                            "ingress.153304974.ipv6_cidr_blocks.#": "0",
                            "ingress.153304974.protocol": "-1",
                            "ingress.153304974.security_groups.#": "1",
                            "ingress.153304974.security_groups.4093346197": "sg-87e39bf6",
                            "ingress.153304974.self": "false",
                            "ingress.153304974.to_port": "0",
                            "name": "test-natgw-instance",
                            "owner_id": "642745549043",
                            "tags.%": "5",
                            "tags.account_name": "jive-reco-pipeline",
                            "tags.name": "test-natgw-instance",
                            "tags.pipeline_phase": "test",
                            "tags.region": "us-east-1",
                            "tags.sla": "non-prod",
                            "vpc_id": "vpc-fe43de87"
                        },
                        "meta": {},
                        "tainted": false
                    },
                    "deposed": [],
                    "provider": ""
                },
                "aws_subnet.natdc.0": {
                    "type": "aws_subnet",
                    "depends_on": [
                        "aws_vpc.main"
                    ],
                    "primary": {
                        "id": "subnet-a17aee8d",
                        "attributes": {
                            "assign_ipv6_address_on_creation": "false",
                            "availability_zone": "us-east-1a",
                            "cidr_block": "10.126.20.0/25",
                            "id": "subnet-a17aee8d",
                            "map_public_ip_on_launch": "false",
                            "tags.%": "5",
                            "tags.Name": "test-natdc-subnet",
                            "tags.account_name": "jive-reco-pipeline",
                            "tags.pipeline_phase": "test",
                            "tags.region": "us-east-1",
                            "tags.sla": "non-prod",
                            "vpc_id": "vpc-fe43de87"
                        },
                        "meta": {
                            "schema_version": "1"
                        },
                        "tainted": false
                    },
                    "deposed": [],
                    "provider": ""
                },
                "aws_subnet.natdc.1": {
                    "type": "aws_subnet",
                    "depends_on": [
                        "aws_vpc.main"
                    ],
                    "primary": {
                        "id": "subnet-b4450afc",
                        "attributes": {
                            "assign_ipv6_address_on_creation": "false",
                            "availability_zone": "us-east-1b",
                            "cidr_block": "10.126.20.128/25",
                            "id": "subnet-b4450afc",
                            "map_public_ip_on_launch": "false",
                            "tags.%": "5",
                            "tags.Name": "test-natdc-subnet",
                            "tags.account_name": "jive-reco-pipeline",
                            "tags.pipeline_phase": "test",
                            "tags.region": "us-east-1",
                            "tags.sla": "non-prod",
                            "vpc_id": "vpc-fe43de87"
                        },
                        "meta": {
                            "schema_version": "1"
                        },
                        "tainted": false
                    },
                    "deposed": [],
                    "provider": ""
                },
                "aws_subnet.natdc.2": {
                    "type": "aws_subnet",
                    "depends_on": [
                        "aws_vpc.main"
                    ],
                    "primary": {
                        "id": "subnet-14139f4e",
                        "attributes": {
                            "assign_ipv6_address_on_creation": "false",
                            "availability_zone": "us-east-1c",
                            "cidr_block": "10.126.21.0/25",
                            "id": "subnet-14139f4e",
                            "map_public_ip_on_launch": "false",
                            "tags.%": "5",
                            "tags.Name": "test-natdc-subnet",
                            "tags.account_name": "jive-reco-pipeline",
                            "tags.pipeline_phase": "test",
                            "tags.region": "us-east-1",
                            "tags.sla": "non-prod",
                            "vpc_id": "vpc-fe43de87"
                        },
                        "meta": {
                            "schema_version": "1"
                        },
                        "tainted": false
                    },
                    "deposed": [],
                    "provider": ""
                },
                "aws_subnet.natdc.3": {
                    "type": "aws_subnet",
                    "depends_on": [
                        "aws_vpc.main"
                    ],
                    "primary": {
                        "id": "subnet-dc26c2b8",
                        "attributes": {
                            "assign_ipv6_address_on_creation": "false",
                            "availability_zone": "us-east-1d",
                            "cidr_block": "10.126.21.128/25",
                            "id": "subnet-dc26c2b8",
                            "map_public_ip_on_launch": "false",
                            "tags.%": "5",
                            "tags.Name": "test-natdc-subnet",
                            "tags.account_name": "jive-reco-pipeline",
                            "tags.pipeline_phase": "test",
                            "tags.region": "us-east-1",
                            "tags.sla": "non-prod",
                            "vpc_id": "vpc-fe43de87"
                        },
                        "meta": {
                            "schema_version": "1"
                        },
                        "tainted": false
                    },
                    "deposed": [],
                    "provider": ""
                },
                "aws_subnet.natdc.4": {
                    "type": "aws_subnet",
                    "depends_on": [
                        "aws_vpc.main"
                    ],
                    "primary": {
                        "id": "subnet-e23f39de",
                        "attributes": {
                            "assign_ipv6_address_on_creation": "false",
                            "availability_zone": "us-east-1e",
                            "cidr_block": "10.126.22.0/25",
                            "id": "subnet-e23f39de",
                            "map_public_ip_on_launch": "false",
                            "tags.%": "5",
                            "tags.Name": "test-natdc-subnet",
                            "tags.account_name": "jive-reco-pipeline",
                            "tags.pipeline_phase": "test",
                            "tags.region": "us-east-1",
                            "tags.sla": "non-prod",
                            "vpc_id": "vpc-fe43de87"
                        },
                        "meta": {
                            "schema_version": "1"
                        },
                        "tainted": false
                    },
                    "deposed": [],
                    "provider": ""
                },
                "aws_subnet.private.0": {
                    "type": "aws_subnet",
                    "depends_on": [
                        "aws_vpc.main"
                    ],
                    "primary": {
                        "id": "subnet-dc7de9f0",
                        "attributes": {
                            "assign_ipv6_address_on_creation": "false",
                            "availability_zone": "us-east-1a",
                            "cidr_block": "10.126.23.32/27",
                            "id": "subnet-dc7de9f0",
                            "map_public_ip_on_launch": "false",
                            "tags.%": "5",
                            "tags.Name": "test-private-subnet",
                            "tags.account_name": "jive-reco-pipeline",
                            "tags.pipeline_phase": "test",
                            "tags.region": "us-east-1",
                            "tags.sla": "non-prod",
                            "vpc_id": "vpc-fe43de87"
                        },
                        "meta": {
                            "schema_version": "1"
                        },
                        "tainted": false
                    },
                    "deposed": [],
                    "provider": ""
                },
                "aws_subnet.private.1": {
                    "type": "aws_subnet",
                    "depends_on": [
                        "aws_vpc.main"
                    ],
                    "primary": {
                        "id": "subnet-ea4f00a2",
                        "attributes": {
                            "assign_ipv6_address_on_creation": "false",
                            "availability_zone": "us-east-1b",
                            "cidr_block": "10.126.23.64/27",
                            "id": "subnet-ea4f00a2",
                            "map_public_ip_on_launch": "false",
                            "tags.%": "5",
                            "tags.Name": "test-private-subnet",
                            "tags.account_name": "jive-reco-pipeline",
                            "tags.pipeline_phase": "test",
                            "tags.region": "us-east-1",
                            "tags.sla": "non-prod",
                            "vpc_id": "vpc-fe43de87"
                        },
                        "meta": {
                            "schema_version": "1"
                        },
                        "tainted": false
                    },
                    "deposed": [],
                    "provider": ""
                },
                "aws_subnet.private.2": {
                    "type": "aws_subnet",
                    "depends_on": [
                        "aws_vpc.main"
                    ],
                    "primary": {
                        "id": "subnet-40129e1a",
                        "attributes": {
                            "assign_ipv6_address_on_creation": "false",
                            "availability_zone": "us-east-1c",
                            "cidr_block": "10.126.23.96/27",
                            "id": "subnet-40129e1a",
                            "map_public_ip_on_launch": "false",
                            "tags.%": "5",
                            "tags.Name": "test-private-subnet",
                            "tags.account_name": "jive-reco-pipeline",
                            "tags.pipeline_phase": "test",
                            "tags.region": "us-east-1",
                            "tags.sla": "non-prod",
                            "vpc_id": "vpc-fe43de87"
                        },
                        "meta": {
                            "schema_version": "1"
                        },
                        "tainted": false
                    },
                    "deposed": [],
                    "provider": ""
                },
                "aws_subnet.private.3": {
                    "type": "aws_subnet",
                    "depends_on": [
                        "aws_vpc.main"
                    ],
                    "primary": {
                        "id": "subnet-cf23c7ab",
                        "attributes": {
                            "assign_ipv6_address_on_creation": "false",
                            "availability_zone": "us-east-1d",
                            "cidr_block": "10.126.23.128/27",
                            "id": "subnet-cf23c7ab",
                            "map_public_ip_on_launch": "false",
                            "tags.%": "5",
                            "tags.Name": "test-private-subnet",
                            "tags.account_name": "jive-reco-pipeline",
                            "tags.pipeline_phase": "test",
                            "tags.region": "us-east-1",
                            "tags.sla": "non-prod",
                            "vpc_id": "vpc-fe43de87"
                        },
                        "meta": {
                            "schema_version": "1"
                        },
                        "tainted": false
                    },
                    "deposed": [],
                    "provider": ""
                },
                "aws_subnet.private.4": {
                    "type": "aws_subnet",
                    "depends_on": [
                        "aws_vpc.main"
                    ],
                    "primary": {
                        "id": "subnet-ab2d2b97",
                        "attributes": {
                            "assign_ipv6_address_on_creation": "false",
                            "availability_zone": "us-east-1e",
                            "cidr_block": "10.126.23.160/27",
                            "id": "subnet-ab2d2b97",
                            "map_public_ip_on_launch": "false",
                            "tags.%": "5",
                            "tags.Name": "test-private-subnet",
                            "tags.account_name": "jive-reco-pipeline",
                            "tags.pipeline_phase": "test",
                            "tags.region": "us-east-1",
                            "tags.sla": "non-prod",
                            "vpc_id": "vpc-fe43de87"
                        },
                        "meta": {
                            "schema_version": "1"
                        },
                        "tainted": false
                    },
                    "deposed": [],
                    "provider": ""
                },
                "aws_subnet.public.0": {
                    "type": "aws_subnet",
                    "depends_on": [
                        "aws_vpc.main"
                    ],
                    "primary": {
                        "id": "subnet-9d7befb1",
                        "attributes": {
                            "assign_ipv6_address_on_creation": "false",
                            "availability_zone": "us-east-1a",
                            "cidr_block": "10.126.22.128/27",
                            "id": "subnet-9d7befb1",
                            "map_public_ip_on_launch": "false",
                            "tags.%": "6",
                            "tags.KubernetesCluster": "us-east-1_jive-reco-pipeline",
                            "tags.Name": "test-public-subnet",
                            "tags.account_name": "jive-reco-pipeline",
                            "tags.pipeline_phase": "test",
                            "tags.region": "us-east-1",
                            "tags.sla": "non-prod",
                            "vpc_id": "vpc-fe43de87"
                        },
                        "meta": {
                            "schema_version": "1"
                        },
                        "tainted": false
                    },
                    "deposed": [],
                    "provider": ""
                },
                "aws_subnet.public.1": {
                    "type": "aws_subnet",
                    "depends_on": [
                        "aws_vpc.main"
                    ],
                    "primary": {
                        "id": "subnet-d0450a98",
                        "attributes": {
                            "assign_ipv6_address_on_creation": "false",
                            "availability_zone": "us-east-1b",
                            "cidr_block": "10.126.22.160/27",
                            "id": "subnet-d0450a98",
                            "map_public_ip_on_launch": "false",
                            "tags.%": "6",
                            "tags.KubernetesCluster": "us-east-1_jive-reco-pipeline",
                            "tags.Name": "test-public-subnet",
                            "tags.account_name": "jive-reco-pipeline",
                            "tags.pipeline_phase": "test",
                            "tags.region": "us-east-1",
                            "tags.sla": "non-prod",
                            "vpc_id": "vpc-fe43de87"
                        },
                        "meta": {
                            "schema_version": "1"
                        },
                        "tainted": false
                    },
                    "deposed": [],
                    "provider": ""
                },
                "aws_subnet.public.2": {
                    "type": "aws_subnet",
                    "depends_on": [
                        "aws_vpc.main"
                    ],
                    "primary": {
                        "id": "subnet-662da13c",
                        "attributes": {
                            "assign_ipv6_address_on_creation": "false",
                            "availability_zone": "us-east-1c",
                            "cidr_block": "10.126.22.192/27",
                            "id": "subnet-662da13c",
                            "map_public_ip_on_launch": "false",
                            "tags.%": "6",
                            "tags.KubernetesCluster": "us-east-1_jive-reco-pipeline",
                            "tags.Name": "test-public-subnet",
                            "tags.account_name": "jive-reco-pipeline",
                            "tags.pipeline_phase": "test",
                            "tags.region": "us-east-1",
                            "tags.sla": "non-prod",
                            "vpc_id": "vpc-fe43de87"
                        },
                        "meta": {
                            "schema_version": "1"
                        },
                        "tainted": false
                    },
                    "deposed": [],
                    "provider": ""
                },
                "aws_subnet.public.3": {
                    "type": "aws_subnet",
                    "depends_on": [
                        "aws_vpc.main"
                    ],
                    "primary": {
                        "id": "subnet-ea22c68e",
                        "attributes": {
                            "assign_ipv6_address_on_creation": "false",
                            "availability_zone": "us-east-1d",
                            "cidr_block": "10.126.22.224/27",
                            "id": "subnet-ea22c68e",
                            "map_public_ip_on_launch": "false",
                            "tags.%": "6",
                            "tags.KubernetesCluster": "us-east-1_jive-reco-pipeline",
                            "tags.Name": "test-public-subnet",
                            "tags.account_name": "jive-reco-pipeline",
                            "tags.pipeline_phase": "test",
                            "tags.region": "us-east-1",
                            "tags.sla": "non-prod",
                            "vpc_id": "vpc-fe43de87"
                        },
                        "meta": {
                            "schema_version": "1"
                        },
                        "tainted": false
                    },
                    "deposed": [],
                    "provider": ""
                },
                "aws_subnet.public.4": {
                    "type": "aws_subnet",
                    "depends_on": [
                        "aws_vpc.main"
                    ],
                    "primary": {
                        "id": "subnet-f8282ec4",
                        "attributes": {
                            "assign_ipv6_address_on_creation": "false",
                            "availability_zone": "us-east-1e",
                            "cidr_block": "10.126.23.0/27",
                            "id": "subnet-f8282ec4",
                            "map_public_ip_on_launch": "false",
                            "tags.%": "6",
                            "tags.KubernetesCluster": "us-east-1_jive-reco-pipeline",
                            "tags.Name": "test-public-subnet",
                            "tags.account_name": "jive-reco-pipeline",
                            "tags.pipeline_phase": "test",
                            "tags.region": "us-east-1",
                            "tags.sla": "non-prod",
                            "vpc_id": "vpc-fe43de87"
                        },
                        "meta": {
                            "schema_version": "1"
                        },
                        "tainted": false
                    },
                    "deposed": [],
                    "provider": ""
                },
                "aws_vpc.main": {
                    "type": "aws_vpc",
                    "depends_on": [],
                    "primary": {
                        "id": "vpc-fe43de87",
                        "attributes": {
                            "assign_generated_ipv6_cidr_block": "false",
                            "cidr_block": "10.126.20.0/22",
                            "default_network_acl_id": "acl-de4047a7",
                            "default_route_table_id": "rtb-49bb9b31",
                            "default_security_group_id": "sg-15e29a64",
                            "dhcp_options_id": "dopt-ecebfd89",
                            "enable_classiclink": "false",
                            "enable_dns_hostnames": "true",
                            "enable_dns_support": "true",
                            "id": "vpc-fe43de87",
                            "instance_tenancy": "default",
                            "main_route_table_id": "rtb-49bb9b31",
                            "tags.%": "5",
                            "tags.Name": "test-vpc",
                            "tags.account_name": "jive-reco-pipeline",
                            "tags.pipeline_phase": "test",
                            "tags.region": "us-east-1",
                            "tags.sla": "non-prod"
                        },
                        "meta": {
                            "schema_version": "1"
                        },
                        "tainted": false
                    },
                    "deposed": [],
                    "provider": ""
                },
                "aws_vpc_peering_connection.infra": {
                    "type": "aws_vpc_peering_connection",
                    "depends_on": [
                        "aws_vpc.main"
                    ],
                    "primary": {
                        "id": "pcx-adc2b3c4",
                        "attributes": {
                            "accept_status": "active",
                            "accepter.#": "1",
                            "accepter.3244290774.allow_classic_link_to_remote_vpc": "false",
                            "accepter.3244290774.allow_remote_vpc_dns_resolution": "false",
                            "accepter.3244290774.allow_vpc_to_remote_classic_link": "false",
                            "auto_accept": "true",
                            "id": "pcx-adc2b3c4",
                            "peer_owner_id": "642745549043",
                            "peer_vpc_id": "vpc-05a8357c",
                            "requester.#": "1",
                            "requester.3244290774.allow_classic_link_to_remote_vpc": "false",
                            "requester.3244290774.allow_remote_vpc_dns_resolution": "false",
                            "requester.3244290774.allow_vpc_to_remote_classic_link": "false",
                            "tags.%": "5",
                            "tags.Name": "test_to_infra-jive-reco-pipeline",
                            "tags.account_name": "jive-reco-pipeline",
                            "tags.pipeline_phase": "test",
                            "tags.region": "us-east-1",
                            "tags.sla": "non-prod",
                            "vpc_id": "vpc-fe43de87"
                        },
                        "meta": {},
                        "tainted": false
                    },
                    "deposed": [],
                    "provider": ""
                },
                "aws_vpn_connection.main": {
                    "type": "aws_vpn_connection",
                    "depends_on": [
                        "aws_vpn_gateway.vgw"
                    ],
                    "primary": {
                        "id": "vpn-4c60732d",
                        "attributes": {
                            "customer_gateway_configuration": "\u003c?xml version=\"1.0\" encoding=\"UTF-8\"?\u003e\n\u003cvpn_connection id=\"vpn-4c60732d\"\u003e\n  \u003ccustomer_gateway_id\u003ecgw-d09a71b9\u003c/customer_gateway_id\u003e\n  \u003cvpn_gateway_id\u003evgw-178b607e\u003c/vpn_gateway_id\u003e\n  \u003cvpn_connection_type\u003eipsec.1\u003c/vpn_connection_type\u003e\n  \u003cipsec_tunnel\u003e\n    \u003ccustomer_gateway\u003e\n      \u003ctunnel_outside_address\u003e\n        \u003cip_address\u003e204.93.64.130\u003c/ip_address\u003e\n      \u003c/tunnel_outside_address\u003e\n      \u003ctunnel_inside_address\u003e\n        \u003cip_address\u003e169.254.45.222\u003c/ip_address\u003e\n        \u003cnetwork_mask\u003e255.255.255.252\u003c/network_mask\u003e\n        \u003cnetwork_cidr\u003e30\u003c/network_cidr\u003e\n      \u003c/tunnel_inside_address\u003e\n      \u003cbgp\u003e\n        \u003casn\u003e13364\u003c/asn\u003e\n        \u003chold_time\u003e30\u003c/hold_time\u003e\n      \u003c/bgp\u003e\n    \u003c/customer_gateway\u003e\n    \u003cvpn_gateway\u003e\n      \u003ctunnel_outside_address\u003e\n        \u003cip_address\u003e34.193.190.163\u003c/ip_address\u003e\n      \u003c/tunnel_outside_address\u003e\n      \u003ctunnel_inside_address\u003e\n        \u003cip_address\u003e169.254.45.221\u003c/ip_address\u003e\n        \u003cnetwork_mask\u003e255.255.255.252\u003c/network_mask\u003e\n        \u003cnetwork_cidr\u003e30\u003c/network_cidr\u003e\n      \u003c/tunnel_inside_address\u003e\n      \u003cbgp\u003e\n        \u003casn\u003e7224\u003c/asn\u003e\n        \u003chold_time\u003e30\u003c/hold_time\u003e\n      \u003c/bgp\u003e\n    \u003c/vpn_gateway\u003e\n    \u003cike\u003e\n      \u003cauthentication_protocol\u003esha1\u003c/authentication_protocol\u003e\n      \u003cencryption_protocol\u003eaes-128-cbc\u003c/encryption_protocol\u003e\n      \u003clifetime\u003e28800\u003c/lifetime\u003e\n      \u003cperfect_forward_secrecy\u003egroup2\u003c/perfect_forward_secrecy\u003e\n      \u003cmode\u003emain\u003c/mode\u003e\n      \u003cpre_shared_key\u003enPa815FyiEumd5q2_O84fv9d2L56jqiW\u003c/pre_shared_key\u003e\n    \u003c/ike\u003e\n    \u003cipsec\u003e\n      \u003cprotocol\u003eesp\u003c/protocol\u003e\n      \u003cauthentication_protocol\u003ehmac-sha1-96\u003c/authentication_protocol\u003e\n      \u003cencryption_protocol\u003eaes-128-cbc\u003c/encryption_protocol\u003e\n      \u003clifetime\u003e3600\u003c/lifetime\u003e\n      \u003cperfect_forward_secrecy\u003egroup2\u003c/perfect_forward_secrecy\u003e\n      \u003cmode\u003etunnel\u003c/mode\u003e\n      \u003cclear_df_bit\u003etrue\u003c/clear_df_bit\u003e\n      \u003cfragmentation_before_encryption\u003etrue\u003c/fragmentation_before_encryption\u003e\n      \u003ctcp_mss_adjustment\u003e1379\u003c/tcp_mss_adjustment\u003e\n      \u003cdead_peer_detection\u003e\n        \u003cinterval\u003e10\u003c/interval\u003e\n        \u003cretries\u003e3\u003c/retries\u003e\n      \u003c/dead_peer_detection\u003e\n    \u003c/ipsec\u003e\n  \u003c/ipsec_tunnel\u003e\n  \u003cipsec_tunnel\u003e\n    \u003ccustomer_gateway\u003e\n      \u003ctunnel_outside_address\u003e\n        \u003cip_address\u003e204.93.64.130\u003c/ip_address\u003e\n      \u003c/tunnel_outside_address\u003e\n      \u003ctunnel_inside_address\u003e\n        \u003cip_address\u003e169.254.47.18\u003c/ip_address\u003e\n        \u003cnetwork_mask\u003e255.255.255.252\u003c/network_mask\u003e\n        \u003cnetwork_cidr\u003e30\u003c/network_cidr\u003e\n      \u003c/tunnel_inside_address\u003e\n      \u003cbgp\u003e\n        \u003casn\u003e13364\u003c/asn\u003e\n        \u003chold_time\u003e30\u003c/hold_time\u003e\n      \u003c/bgp\u003e\n    \u003c/customer_gateway\u003e\n    \u003cvpn_gateway\u003e\n      \u003ctunnel_outside_address\u003e\n        \u003cip_address\u003e52.72.222.145\u003c/ip_address\u003e\n      \u003c/tunnel_outside_address\u003e\n      \u003ctunnel_inside_address\u003e\n        \u003cip_address\u003e169.254.47.17\u003c/ip_address\u003e\n        \u003cnetwork_mask\u003e255.255.255.252\u003c/network_mask\u003e\n        \u003cnetwork_cidr\u003e30\u003c/network_cidr\u003e\n      \u003c/tunnel_inside_address\u003e\n      \u003cbgp\u003e\n        \u003casn\u003e7224\u003c/asn\u003e\n        \u003chold_time\u003e30\u003c/hold_time\u003e\n      \u003c/bgp\u003e\n    \u003c/vpn_gateway\u003e\n    \u003cike\u003e\n      \u003cauthentication_protocol\u003esha1\u003c/authentication_protocol\u003e\n      \u003cencryption_protocol\u003eaes-128-cbc\u003c/encryption_protocol\u003e\n      \u003clifetime\u003e28800\u003c/lifetime\u003e\n      \u003cperfect_forward_secrecy\u003egroup2\u003c/perfect_forward_secrecy\u003e\n      \u003cmode\u003emain\u003c/mode\u003e\n      \u003cpre_shared_key\u003eZGtYGeLWj2qVDXeX8IhQgikGLsNtoCQX\u003c/pre_shared_key\u003e\n    \u003c/ike\u003e\n    \u003cipsec\u003e\n      \u003cprotocol\u003eesp\u003c/protocol\u003e\n      \u003cauthentication_protocol\u003ehmac-sha1-96\u003c/authentication_protocol\u003e\n      \u003cencryption_protocol\u003eaes-128-cbc\u003c/encryption_protocol\u003e\n      \u003clifetime\u003e3600\u003c/lifetime\u003e\n      \u003cperfect_forward_secrecy\u003egroup2\u003c/perfect_forward_secrecy\u003e\n      \u003cmode\u003etunnel\u003c/mode\u003e\n      \u003cclear_df_bit\u003etrue\u003c/clear_df_bit\u003e\n      \u003cfragmentation_before_encryption\u003etrue\u003c/fragmentation_before_encryption\u003e\n      \u003ctcp_mss_adjustment\u003e1379\u003c/tcp_mss_adjustment\u003e\n      \u003cdead_peer_detection\u003e\n        \u003cinterval\u003e10\u003c/interval\u003e\n        \u003cretries\u003e3\u003c/retries\u003e\n      \u003c/dead_peer_detection\u003e\n    \u003c/ipsec\u003e\n  \u003c/ipsec_tunnel\u003e\n\u003c/vpn_connection\u003e",
                            "customer_gateway_id": "cgw-d09a71b9",
                            "id": "vpn-4c60732d",
                            "routes.#": "0",
                            "static_routes_only": "false",
                            "tags.%": "5",
                            "tags.Name": "test-jive-vpn",
                            "tags.account_name": "jive-reco-pipeline",
                            "tags.pipeline_phase": "test",
                            "tags.region": "us-east-1",
                            "tags.sla": "non-prod",
                            "tunnel1_address": "34.193.190.163",
                            "tunnel1_preshared_key": "nPa815FyiEumd5q2_O84fv9d2L56jqiW",
                            "tunnel2_address": "52.72.222.145",
                            "tunnel2_preshared_key": "ZGtYGeLWj2qVDXeX8IhQgikGLsNtoCQX",
                            "type": "ipsec.1",
                            "vgw_telemetry.#": "2",
                            "vgw_telemetry.214158788.accepted_route_count": "0",
                            "vgw_telemetry.214158788.last_status_change": "2017-07-31 19:51:00 +0000 UTC",
                            "vgw_telemetry.214158788.outside_ip_address": "52.72.222.145",
                            "vgw_telemetry.214158788.status": "DOWN",
                            "vgw_telemetry.214158788.status_message": "IPSEC IS DOWN",
                            "vgw_telemetry.862269780.accepted_route_count": "0",
                            "vgw_telemetry.862269780.last_status_change": "2017-07-31 19:52:16 +0000 UTC",
                            "vgw_telemetry.862269780.outside_ip_address": "34.193.190.163",
                            "vgw_telemetry.862269780.status": "DOWN",
                            "vgw_telemetry.862269780.status_message": "IPSEC IS DOWN",
                            "vpn_gateway_id": "vgw-178b607e"
                        },
                        "meta": {},
                        "tainted": false
                    },
                    "deposed": [],
                    "provider": ""
                },
                "aws_vpn_gateway.vgw": {
                    "type": "aws_vpn_gateway",
                    "depends_on": [
                        "aws_vpc.main"
                    ],
                    "primary": {
                        "id": "vgw-178b607e",
                        "attributes": {
                            "id": "vgw-178b607e",
                            "tags.%": "7",
                            "tags.Name": "test-vgw",
                            "tags.account_name": "jive-reco-pipeline",
                            "tags.jive_service": "infrastructure",
                            "tags.pipeline_phase": "test",
                            "tags.region": "us-east-1",
                            "tags.service_component": "vpn_gateway",
                            "tags.sla": "non-prod",
                            "vpc_id": "vpc-fe43de87"
                        },
                        "meta": {},
                        "tainted": false
                    },
                    "deposed": [],
                    "provider": ""
                },
                "data.aws_security_group.bastion": {
                    "type": "aws_security_group",
                    "depends_on": [],
                    "primary": {
                        "id": "sg-37631b46",
                        "attributes": {
                            "filter.#": "1",
                            "filter.1988431066.name": "tag:jive_service",
                            "filter.1988431066.values.#": "1",
                            "filter.1988431066.values.2480389212": "infrastructure",
                            "id": "sg-37631b46",
                            "name": "infra-pipeline-jive-phx-dc",
                            "tags.%": "6",
                            "tags.Name": "infra-pipeline-jive-phx-dc",
                            "tags.account_name": "jive-reco-pipeline",
                            "tags.jive_service": "infrastructure",
                            "tags.pipeline_phase": "infra-pipeline",
                            "tags.region": "us-east-1",
                            "tags.sla": "non-prod",
                            "vpc_id": "vpc-05a8357c"
                        },
                        "meta": {},
                        "tainted": false
                    },
                    "deposed": [],
                    "provider": ""
                }
            },
            "depends_on": []
        }
    ]
}
