{
    "version": 3,
    "terraform_version": "0.9.2",
    "serial": 14,
    "lineage": "677d1cbb-ce4c-48da-99ba-65629f7b6007",
    "modules": [
        {
            "path": [
                "root"
            ],
            "outputs": {},
            "resources": {
                "aws_eip.natgw.0": {
                    "type": "aws_eip",
                    "depends_on": [],
                    "primary": {
                        "id": "eipalloc-025a2866",
                        "attributes": {
                            "association_id": "eipassoc-03382565",
                            "domain": "vpc",
                            "id": "eipalloc-025a2866",
                            "instance": "",
                            "network_interface": "eni-1716425a",
                            "private_ip": "10.126.147.13",
                            "public_ip": "52.33.131.0",
                            "vpc": "true"
                        },
                        "meta": {},
                        "tainted": false
                    },
                    "deposed": [],
                    "provider": ""
                },
                "aws_eip.natgw.1": {
                    "type": "aws_eip",
                    "depends_on": [],
                    "primary": {
                        "id": "eipalloc-9dfe66a7",
                        "attributes": {
                            "association_id": "",
                            "domain": "vpc",
                            "id": "eipalloc-9dfe66a7",
                            "instance": "",
                            "network_interface": "",
                            "private_ip": "",
                            "public_ip": "52.10.57.59",
                            "vpc": "true"
                        },
                        "meta": {},
                        "tainted": false
                    },
                    "deposed": [],
                    "provider": ""
                },
                "aws_eip.natgw.2": {
                    "type": "aws_eip",
                    "depends_on": [],
                    "primary": {
                        "id": "eipalloc-e2ff67d8",
                        "attributes": {
                            "association_id": "",
                            "domain": "vpc",
                            "id": "eipalloc-e2ff67d8",
                            "instance": "",
                            "network_interface": "",
                            "private_ip": "",
                            "public_ip": "34.208.128.249",
                            "vpc": "true"
                        },
                        "meta": {},
                        "tainted": false
                    },
                    "deposed": [],
                    "provider": ""
                },
                "aws_internet_gateway.igw": {
                    "type": "aws_internet_gateway",
                    "depends_on": [
                        "aws_vpc.main"
                    ],
                    "primary": {
                        "id": "igw-a8c9c0cd",
                        "attributes": {
                            "id": "igw-a8c9c0cd",
                            "tags.%": "5",
                            "tags.Name": "integ-igw",
                            "tags.account_name": "jive-ps-pipeline",
                            "tags.pipeline_phase": "integ",
                            "tags.region": "us-west-2",
                            "tags.sla": "non-prod",
                            "vpc_id": "vpc-dc58e3b8"
                        },
                        "meta": {},
                        "tainted": false
                    },
                    "deposed": [],
                    "provider": ""
                },
                "aws_nat_gateway.natgw.0": {
                    "type": "aws_nat_gateway",
                    "depends_on": [
                        "aws_eip.natgw.*",
                        "aws_internet_gateway.igw",
                        "aws_subnet.public.*"
                    ],
                    "primary": {
                        "id": "nat-0b00fcffab1c222f6",
                        "attributes": {
                            "allocation_id": "eipalloc-025a2866",
                            "id": "nat-0b00fcffab1c222f6",
                            "network_interface_id": "eni-6f447555",
                            "private_ip": "10.126.147.16",
                            "public_ip": "52.33.131.0",
                            "subnet_id": "subnet-d00dd4a6"
                        },
                        "meta": {},
                        "tainted": false
                    },
                    "deposed": [],
                    "provider": ""
                },
                "aws_nat_gateway.natgw.1": {
                    "type": "aws_nat_gateway",
                    "depends_on": [
                        "aws_eip.natgw.*",
                        "aws_internet_gateway.igw",
                        "aws_subnet.public.*"
                    ],
                    "primary": {
                        "id": "nat-03f6451353ccc9739",
                        "attributes": {
                            "allocation_id": "eipalloc-9dfe66a7",
                            "id": "nat-03f6451353ccc9739",
                            "network_interface_id": "eni-bb465793",
                            "private_ip": "10.126.147.56",
                            "public_ip": "52.10.57.59",
                            "subnet_id": "subnet-211f9845"
                        },
                        "meta": {},
                        "tainted": false
                    },
                    "deposed": [],
                    "provider": ""
                },
                "aws_nat_gateway.natgw.2": {
                    "type": "aws_nat_gateway",
                    "depends_on": [
                        "aws_eip.natgw.*",
                        "aws_internet_gateway.igw",
                        "aws_subnet.public.*"
                    ],
                    "primary": {
                        "id": "nat-0a93a590002d0baae",
                        "attributes": {
                            "allocation_id": "eipalloc-e2ff67d8",
                            "id": "nat-0a93a590002d0baae",
                            "network_interface_id": "eni-ce7135c2",
                            "private_ip": "10.126.147.84",
                            "public_ip": "34.208.128.249",
                            "subnet_id": "subnet-a942adf1"
                        },
                        "meta": {},
                        "tainted": false
                    },
                    "deposed": [],
                    "provider": ""
                },
                "aws_route.bastion_natdc.0": {
                    "type": "aws_route",
                    "depends_on": [
                        "aws_route_table.natdc.*",
                        "aws_vpc_peering_connection.infra"
                    ],
                    "primary": {
                        "id": "r-rtb-ffa8c49b3453090714",
                        "attributes": {
                            "destination_cidr_block": "10.127.57.7/32",
                            "destination_prefix_list_id": "",
                            "egress_only_gateway_id": "",
                            "gateway_id": "",
                            "id": "r-rtb-ffa8c49b3453090714",
                            "instance_id": "",
                            "instance_owner_id": "",
                            "nat_gateway_id": "",
                            "network_interface_id": "",
                            "origin": "CreateRoute",
                            "route_table_id": "rtb-ffa8c49b",
                            "state": "active",
                            "vpc_peering_connection_id": "pcx-00eb5f69"
                        },
                        "meta": {},
                        "tainted": false
                    },
                    "deposed": [],
                    "provider": ""
                },
                "aws_route.bastion_natdc.1": {
                    "type": "aws_route",
                    "depends_on": [
                        "aws_route_table.natdc.*",
                        "aws_vpc_peering_connection.infra"
                    ],
                    "primary": {
                        "id": "r-rtb-0629f6603453090714",
                        "attributes": {
                            "destination_cidr_block": "10.127.57.7/32",
                            "destination_prefix_list_id": "",
                            "egress_only_gateway_id": "",
                            "gateway_id": "",
                            "id": "r-rtb-0629f6603453090714",
                            "instance_id": "",
                            "instance_owner_id": "",
                            "nat_gateway_id": "",
                            "network_interface_id": "",
                            "origin": "CreateRoute",
                            "route_table_id": "rtb-0629f660",
                            "state": "active",
                            "vpc_peering_connection_id": "pcx-00eb5f69"
                        },
                        "meta": {},
                        "tainted": false
                    },
                    "deposed": [],
                    "provider": ""
                },
                "aws_route.bastion_natdc.2": {
                    "type": "aws_route",
                    "depends_on": [
                        "aws_route_table.natdc.*",
                        "aws_vpc_peering_connection.infra"
                    ],
                    "primary": {
                        "id": "r-rtb-4728f7213453090714",
                        "attributes": {
                            "destination_cidr_block": "10.127.57.7/32",
                            "destination_prefix_list_id": "",
                            "egress_only_gateway_id": "",
                            "gateway_id": "",
                            "id": "r-rtb-4728f7213453090714",
                            "instance_id": "",
                            "instance_owner_id": "",
                            "nat_gateway_id": "",
                            "network_interface_id": "",
                            "origin": "CreateRoute",
                            "route_table_id": "rtb-4728f721",
                            "state": "active",
                            "vpc_peering_connection_id": "pcx-00eb5f69"
                        },
                        "meta": {},
                        "tainted": false
                    },
                    "deposed": [],
                    "provider": ""
                },
                "aws_route.bastion_private": {
                    "type": "aws_route",
                    "depends_on": [
                        "aws_route_table.private",
                        "aws_vpc_peering_connection.infra"
                    ],
                    "primary": {
                        "id": "r-rtb-57a8c4333453090714",
                        "attributes": {
                            "destination_cidr_block": "10.127.57.7/32",
                            "destination_prefix_list_id": "",
                            "egress_only_gateway_id": "",
                            "gateway_id": "",
                            "id": "r-rtb-57a8c4333453090714",
                            "instance_id": "",
                            "instance_owner_id": "",
                            "nat_gateway_id": "",
                            "network_interface_id": "",
                            "origin": "CreateRoute",
                            "route_table_id": "rtb-57a8c433",
                            "state": "active",
                            "vpc_peering_connection_id": "pcx-00eb5f69"
                        },
                        "meta": {},
                        "tainted": false
                    },
                    "deposed": [],
                    "provider": ""
                },
                "aws_route.bastion_public": {
                    "type": "aws_route",
                    "depends_on": [
                        "aws_route_table.public",
                        "aws_vpc_peering_connection.infra"
                    ],
                    "primary": {
                        "id": "r-rtb-55a8c4313453090714",
                        "attributes": {
                            "destination_cidr_block": "10.127.57.7/32",
                            "destination_prefix_list_id": "",
                            "egress_only_gateway_id": "",
                            "gateway_id": "",
                            "id": "r-rtb-55a8c4313453090714",
                            "instance_id": "",
                            "instance_owner_id": "",
                            "nat_gateway_id": "",
                            "network_interface_id": "",
                            "origin": "CreateRoute",
                            "route_table_id": "rtb-55a8c431",
                            "state": "active",
                            "vpc_peering_connection_id": "pcx-00eb5f69"
                        },
                        "meta": {},
                        "tainted": false
                    },
                    "deposed": [],
                    "provider": ""
                },
                "aws_route.infra_natdc.0": {
                    "type": "aws_route",
                    "depends_on": [
                        "aws_vpc_peering_connection.infra"
                    ],
                    "primary": {
                        "id": "r-rtb-c1b8d5a52186912550",
                        "attributes": {
                            "destination_cidr_block": "10.126.144.0/22",
                            "destination_prefix_list_id": "",
                            "egress_only_gateway_id": "",
                            "gateway_id": "",
                            "id": "r-rtb-c1b8d5a52186912550",
                            "instance_id": "",
                            "instance_owner_id": "",
                            "nat_gateway_id": "",
                            "network_interface_id": "",
                            "origin": "CreateRoute",
                            "route_table_id": "rtb-c1b8d5a5",
                            "state": "active",
                            "vpc_peering_connection_id": "pcx-00eb5f69"
                        },
                        "meta": {},
                        "tainted": false
                    },
                    "deposed": [],
                    "provider": ""
                },
                "aws_route.infra_natdc.1": {
                    "type": "aws_route",
                    "depends_on": [
                        "aws_vpc_peering_connection.infra"
                    ],
                    "primary": {
                        "id": "r-rtb-7030ef162186912550",
                        "attributes": {
                            "destination_cidr_block": "10.126.144.0/22",
                            "destination_prefix_list_id": "",
                            "egress_only_gateway_id": "",
                            "gateway_id": "",
                            "id": "r-rtb-7030ef162186912550",
                            "instance_id": "",
                            "instance_owner_id": "",
                            "nat_gateway_id": "",
                            "network_interface_id": "",
                            "origin": "CreateRoute",
                            "route_table_id": "rtb-7030ef16",
                            "state": "active",
                            "vpc_peering_connection_id": "pcx-00eb5f69"
                        },
                        "meta": {},
                        "tainted": false
                    },
                    "deposed": [],
                    "provider": ""
                },
                "aws_route.infra_natdc.2": {
                    "type": "aws_route",
                    "depends_on": [
                        "aws_vpc_peering_connection.infra"
                    ],
                    "primary": {
                        "id": "r-rtb-7130ef172186912550",
                        "attributes": {
                            "destination_cidr_block": "10.126.144.0/22",
                            "destination_prefix_list_id": "",
                            "egress_only_gateway_id": "",
                            "gateway_id": "",
                            "id": "r-rtb-7130ef172186912550",
                            "instance_id": "",
                            "instance_owner_id": "",
                            "nat_gateway_id": "",
                            "network_interface_id": "",
                            "origin": "CreateRoute",
                            "route_table_id": "rtb-7130ef17",
                            "state": "active",
                            "vpc_peering_connection_id": "pcx-00eb5f69"
                        },
                        "meta": {},
                        "tainted": false
                    },
                    "deposed": [],
                    "provider": ""
                },
                "aws_route.infra_private": {
                    "type": "aws_route",
                    "depends_on": [
                        "aws_vpc_peering_connection.infra"
                    ],
                    "primary": {
                        "id": "r-rtb-aeb9d4ca2186912550",
                        "attributes": {
                            "destination_cidr_block": "10.126.144.0/22",
                            "destination_prefix_list_id": "",
                            "egress_only_gateway_id": "",
                            "gateway_id": "",
                            "id": "r-rtb-aeb9d4ca2186912550",
                            "instance_id": "",
                            "instance_owner_id": "",
                            "nat_gateway_id": "",
                            "network_interface_id": "",
                            "origin": "CreateRoute",
                            "route_table_id": "rtb-aeb9d4ca",
                            "state": "active",
                            "vpc_peering_connection_id": "pcx-00eb5f69"
                        },
                        "meta": {},
                        "tainted": false
                    },
                    "deposed": [],
                    "provider": ""
                },
                "aws_route.infra_public": {
                    "type": "aws_route",
                    "depends_on": [
                        "aws_vpc_peering_connection.infra"
                    ],
                    "primary": {
                        "id": "r-rtb-abb9d4cf2186912550",
                        "attributes": {
                            "destination_cidr_block": "10.126.144.0/22",
                            "destination_prefix_list_id": "",
                            "egress_only_gateway_id": "",
                            "gateway_id": "",
                            "id": "r-rtb-abb9d4cf2186912550",
                            "instance_id": "",
                            "instance_owner_id": "",
                            "nat_gateway_id": "",
                            "network_interface_id": "",
                            "origin": "CreateRoute",
                            "route_table_id": "rtb-abb9d4cf",
                            "state": "active",
                            "vpc_peering_connection_id": "pcx-00eb5f69"
                        },
                        "meta": {},
                        "tainted": false
                    },
                    "deposed": [],
                    "provider": ""
                },
                "aws_route53_zone_association.route53": {
                    "type": "aws_route53_zone_association",
                    "depends_on": [
                        "aws_vpc.main"
                    ],
                    "primary": {
                        "id": "Z1ECOPBZVMCE0L:vpc-dc58e3b8",
                        "attributes": {
                            "id": "Z1ECOPBZVMCE0L:vpc-dc58e3b8",
                            "vpc_id": "vpc-dc58e3b8",
                            "vpc_region": "us-west-2",
                            "zone_id": "Z1ECOPBZVMCE0L"
                        },
                        "meta": {},
                        "tainted": false
                    },
                    "deposed": [],
                    "provider": ""
                },
                "aws_route_table.natdc.0": {
                    "type": "aws_route_table",
                    "depends_on": [
                        "aws_nat_gateway.natgw",
                        "aws_vpc.main",
                        "aws_vpn_gateway.vgw"
                    ],
                    "primary": {
                        "id": "rtb-ffa8c49b",
                        "attributes": {
                            "id": "rtb-ffa8c49b",
                            "propagating_vgws.#": "1",
                            "propagating_vgws.3143846061": "vgw-c7d40dd9",
                            "route.#": "2",
                            "route.1161098558.cidr_block": "10.127.57.7/32",
                            "route.1161098558.egress_only_gateway_id": "",
                            "route.1161098558.gateway_id": "",
                            "route.1161098558.instance_id": "",
                            "route.1161098558.ipv6_cidr_block": "",
                            "route.1161098558.nat_gateway_id": "",
                            "route.1161098558.network_interface_id": "",
                            "route.1161098558.vpc_peering_connection_id": "pcx-00eb5f69",
                            "route.2867456403.cidr_block": "0.0.0.0/0",
                            "route.2867456403.egress_only_gateway_id": "",
                            "route.2867456403.gateway_id": "",
                            "route.2867456403.instance_id": "",
                            "route.2867456403.ipv6_cidr_block": "",
                            "route.2867456403.nat_gateway_id": "nat-0bbe206c66f583634",
                            "route.2867456403.network_interface_id": "",
                            "route.2867456403.vpc_peering_connection_id": "",
                            "tags.%": "5",
                            "tags.Name": "integ-natdc-routetable",
                            "tags.account_name": "jive-ps-pipeline",
                            "tags.pipeline_phase": "integ",
                            "tags.region": "us-west-2",
                            "tags.sla": "non-prod",
                            "vpc_id": "vpc-dc58e3b8"
                        },
                        "meta": {},
                        "tainted": false
                    },
                    "deposed": [],
                    "provider": ""
                },
                "aws_route_table.natdc.1": {
                    "type": "aws_route_table",
                    "depends_on": [
                        "aws_nat_gateway.natgw.*",
                        "aws_vpc.main",
                        "aws_vpn_gateway.vgw"
                    ],
                    "primary": {
                        "id": "rtb-0629f660",
                        "attributes": {
                            "id": "rtb-0629f660",
                            "propagating_vgws.#": "1",
                            "propagating_vgws.3143846061": "vgw-c7d40dd9",
                            "route.#": "1",
                            "route.1234678416.cidr_block": "0.0.0.0/0",
                            "route.1234678416.egress_only_gateway_id": "",
                            "route.1234678416.gateway_id": "",
                            "route.1234678416.instance_id": "",
                            "route.1234678416.ipv6_cidr_block": "",
                            "route.1234678416.nat_gateway_id": "nat-03f6451353ccc9739",
                            "route.1234678416.network_interface_id": "",
                            "route.1234678416.vpc_peering_connection_id": "",
                            "tags.%": "5",
                            "tags.Name": "integ-natdc-routetable",
                            "tags.account_name": "jive-ps-pipeline",
                            "tags.pipeline_phase": "integ",
                            "tags.region": "us-west-2",
                            "tags.sla": "non-prod",
                            "vpc_id": "vpc-dc58e3b8"
                        },
                        "meta": {},
                        "tainted": false
                    },
                    "deposed": [],
                    "provider": ""
                },
                "aws_route_table.natdc.2": {
                    "type": "aws_route_table",
                    "depends_on": [
                        "aws_nat_gateway.natgw.*",
                        "aws_vpc.main",
                        "aws_vpn_gateway.vgw"
                    ],
                    "primary": {
                        "id": "rtb-4728f721",
                        "attributes": {
                            "id": "rtb-4728f721",
                            "propagating_vgws.#": "1",
                            "propagating_vgws.3143846061": "vgw-c7d40dd9",
                            "route.#": "1",
                            "route.425164744.cidr_block": "0.0.0.0/0",
                            "route.425164744.egress_only_gateway_id": "",
                            "route.425164744.gateway_id": "",
                            "route.425164744.instance_id": "",
                            "route.425164744.ipv6_cidr_block": "",
                            "route.425164744.nat_gateway_id": "nat-0a93a590002d0baae",
                            "route.425164744.network_interface_id": "",
                            "route.425164744.vpc_peering_connection_id": "",
                            "tags.%": "5",
                            "tags.Name": "integ-natdc-routetable",
                            "tags.account_name": "jive-ps-pipeline",
                            "tags.pipeline_phase": "integ",
                            "tags.region": "us-west-2",
                            "tags.sla": "non-prod",
                            "vpc_id": "vpc-dc58e3b8"
                        },
                        "meta": {},
                        "tainted": false
                    },
                    "deposed": [],
                    "provider": ""
                },
                "aws_route_table.private": {
                    "type": "aws_route_table",
                    "depends_on": [
                        "aws_vpc.main"
                    ],
                    "primary": {
                        "id": "rtb-57a8c433",
                        "attributes": {
                            "id": "rtb-57a8c433",
                            "propagating_vgws.#": "0",
                            "route.#": "1",
                            "route.1161098558.cidr_block": "10.127.57.7/32",
                            "route.1161098558.egress_only_gateway_id": "",
                            "route.1161098558.gateway_id": "",
                            "route.1161098558.instance_id": "",
                            "route.1161098558.ipv6_cidr_block": "",
                            "route.1161098558.nat_gateway_id": "",
                            "route.1161098558.network_interface_id": "",
                            "route.1161098558.vpc_peering_connection_id": "pcx-00eb5f69",
                            "tags.%": "5",
                            "tags.Name": "integ-private-routetable",
                            "tags.account_name": "jive-ps-pipeline",
                            "tags.pipeline_phase": "integ",
                            "tags.region": "us-west-2",
                            "tags.sla": "non-prod",
                            "vpc_id": "vpc-dc58e3b8"
                        },
                        "meta": {},
                        "tainted": false
                    },
                    "deposed": [],
                    "provider": ""
                },
                "aws_route_table.public": {
                    "type": "aws_route_table",
                    "depends_on": [
                        "aws_internet_gateway.igw",
                        "aws_vpc.main"
                    ],
                    "primary": {
                        "id": "rtb-55a8c431",
                        "attributes": {
                            "id": "rtb-55a8c431",
                            "propagating_vgws.#": "0",
                            "route.#": "2",
                            "route.1161098558.cidr_block": "10.127.57.7/32",
                            "route.1161098558.egress_only_gateway_id": "",
                            "route.1161098558.gateway_id": "",
                            "route.1161098558.instance_id": "",
                            "route.1161098558.ipv6_cidr_block": "",
                            "route.1161098558.nat_gateway_id": "",
                            "route.1161098558.network_interface_id": "",
                            "route.1161098558.vpc_peering_connection_id": "pcx-00eb5f69",
                            "route.4012773305.cidr_block": "0.0.0.0/0",
                            "route.4012773305.egress_only_gateway_id": "",
                            "route.4012773305.gateway_id": "igw-a8c9c0cd",
                            "route.4012773305.instance_id": "",
                            "route.4012773305.ipv6_cidr_block": "",
                            "route.4012773305.nat_gateway_id": "",
                            "route.4012773305.network_interface_id": "",
                            "route.4012773305.vpc_peering_connection_id": "",
                            "tags.%": "6",
                            "tags.KubernetesCluster": "us-west-2_jive-ps-pipeline",
                            "tags.Name": "integ-public-routetable",
                            "tags.account_name": "jive-ps-pipeline",
                            "tags.pipeline_phase": "integ",
                            "tags.region": "us-west-2",
                            "tags.sla": "non-prod",
                            "vpc_id": "vpc-dc58e3b8"
                        },
                        "meta": {},
                        "tainted": false
                    },
                    "deposed": [],
                    "provider": ""
                },
                "aws_route_table_association.natdc.0": {
                    "type": "aws_route_table_association",
                    "depends_on": [
                        "aws_route_table.natdc.*",
                        "aws_subnet.natdc.*"
                    ],
                    "primary": {
                        "id": "rtbassoc-78657b1c",
                        "attributes": {
                            "id": "rtbassoc-78657b1c",
                            "route_table_id": "rtb-ffa8c49b",
                            "subnet_id": "subnet-231f9847"
                        },
                        "meta": {},
                        "tainted": false
                    },
                    "deposed": [],
                    "provider": ""
                },
                "aws_route_table_association.natdc.1": {
                    "type": "aws_route_table_association",
                    "depends_on": [
                        "aws_route_table.natdc.*",
                        "aws_subnet.natdc.*"
                    ],
                    "primary": {
                        "id": "rtbassoc-a07bb0d9",
                        "attributes": {
                            "id": "rtbassoc-a07bb0d9",
                            "route_table_id": "rtb-0629f660",
                            "subnet_id": "subnet-ab42adf3"
                        },
                        "meta": {},
                        "tainted": false
                    },
                    "deposed": [],
                    "provider": ""
                },
                "aws_route_table_association.natdc.2": {
                    "type": "aws_route_table_association",
                    "depends_on": [
                        "aws_route_table.natdc.*",
                        "aws_subnet.natdc.*"
                    ],
                    "primary": {
                        "id": "rtbassoc-c47eb5bd",
                        "attributes": {
                            "id": "rtbassoc-c47eb5bd",
                            "route_table_id": "rtb-4728f721",
                            "subnet_id": "subnet-d20dd4a4"
                        },
                        "meta": {},
                        "tainted": false
                    },
                    "deposed": [],
                    "provider": ""
                },
                "aws_route_table_association.private.0": {
                    "type": "aws_route_table_association",
                    "depends_on": [
                        "aws_route_table.private",
                        "aws_subnet.private"
                    ],
                    "primary": {
                        "id": "rtbassoc-f9647a9d",
                        "attributes": {
                            "id": "rtbassoc-f9647a9d",
                            "route_table_id": "rtb-57a8c433",
                            "subnet_id": "subnet-d50dd4a3"
                        },
                        "meta": {},
                        "tainted": false
                    },
                    "deposed": [],
                    "provider": ""
                },
                "aws_route_table_association.private.1": {
                    "type": "aws_route_table_association",
                    "depends_on": [
                        "aws_route_table.private",
                        "aws_subnet.private"
                    ],
                    "primary": {
                        "id": "rtbassoc-f8647a9c",
                        "attributes": {
                            "id": "rtbassoc-f8647a9c",
                            "route_table_id": "rtb-57a8c433",
                            "subnet_id": "subnet-201f9844"
                        },
                        "meta": {},
                        "tainted": false
                    },
                    "deposed": [],
                    "provider": ""
                },
                "aws_route_table_association.private.2": {
                    "type": "aws_route_table_association",
                    "depends_on": [
                        "aws_route_table.private",
                        "aws_subnet.private"
                    ],
                    "primary": {
                        "id": "rtbassoc-fa647a9e",
                        "attributes": {
                            "id": "rtbassoc-fa647a9e",
                            "route_table_id": "rtb-57a8c433",
                            "subnet_id": "subnet-aa42adf2"
                        },
                        "meta": {},
                        "tainted": false
                    },
                    "deposed": [],
                    "provider": ""
                },
                "aws_route_table_association.public.0": {
                    "type": "aws_route_table_association",
                    "depends_on": [
                        "aws_route_table.public",
                        "aws_subnet.public"
                    ],
                    "primary": {
                        "id": "rtbassoc-fc647a98",
                        "attributes": {
                            "id": "rtbassoc-fc647a98",
                            "route_table_id": "rtb-55a8c431",
                            "subnet_id": "subnet-d00dd4a6"
                        },
                        "meta": {},
                        "tainted": false
                    },
                    "deposed": [],
                    "provider": ""
                },
                "aws_route_table_association.public.1": {
                    "type": "aws_route_table_association",
                    "depends_on": [
                        "aws_route_table.public",
                        "aws_subnet.public"
                    ],
                    "primary": {
                        "id": "rtbassoc-fe647a9a",
                        "attributes": {
                            "id": "rtbassoc-fe647a9a",
                            "route_table_id": "rtb-55a8c431",
                            "subnet_id": "subnet-211f9845"
                        },
                        "meta": {},
                        "tainted": false
                    },
                    "deposed": [],
                    "provider": ""
                },
                "aws_route_table_association.public.2": {
                    "type": "aws_route_table_association",
                    "depends_on": [
                        "aws_route_table.public",
                        "aws_subnet.public"
                    ],
                    "primary": {
                        "id": "rtbassoc-fd647a99",
                        "attributes": {
                            "id": "rtbassoc-fd647a99",
                            "route_table_id": "rtb-55a8c431",
                            "subnet_id": "subnet-a942adf1"
                        },
                        "meta": {},
                        "tainted": false
                    },
                    "deposed": [],
                    "provider": ""
                },
                "aws_security_group.admin_instance": {
                    "type": "aws_security_group",
                    "depends_on": [
                        "aws_vpc.main"
                    ],
                    "primary": {
                        "id": "sg-1e816b78",
                        "attributes": {
                            "description": "Admin instances for the VPC",
                            "egress.#": "0",
                            "id": "sg-1e816b78",
                            "ingress.#": "0",
                            "name": "integ-admin-instance",
                            "owner_id": "044571148504",
                            "tags.%": "5",
                            "tags.Name": "integ-admin-instance",
                            "tags.account_name": "jive-ps-pipeline",
                            "tags.pipeline_phase": "integ",
                            "tags.region": "us-west-2",
                            "tags.sla": "non-prod",
                            "vpc_id": "vpc-dc58e3b8"
                        },
                        "meta": {},
                        "tainted": false
                    },
                    "deposed": [],
                    "provider": ""
                },
                "aws_security_group.env_instance": {
                    "type": "aws_security_group",
                    "depends_on": [
                        "aws_security_group.admin_instance",
                        "aws_vpc.main"
                    ],
                    "primary": {
                        "id": "sg-e7816b81",
                        "attributes": {
                            "description": "All instances within the evironment",
                            "egress.#": "1",
                            "egress.482069346.cidr_blocks.#": "1",
                            "egress.482069346.cidr_blocks.0": "0.0.0.0/0",
                            "egress.482069346.from_port": "0",
                            "egress.482069346.ipv6_cidr_blocks.#": "0",
                            "egress.482069346.prefix_list_ids.#": "0",
                            "egress.482069346.protocol": "-1",
                            "egress.482069346.security_groups.#": "0",
                            "egress.482069346.self": "false",
                            "egress.482069346.to_port": "0",
                            "id": "sg-e7816b81",
                            "ingress.#": "4",
                            "ingress.179083333.cidr_blocks.#": "1",
                            "ingress.179083333.cidr_blocks.0": "10.0.0.0/8",
                            "ingress.179083333.from_port": "22",
                            "ingress.179083333.ipv6_cidr_blocks.#": "0",
                            "ingress.179083333.protocol": "tcp",
                            "ingress.179083333.security_groups.#": "0",
                            "ingress.179083333.self": "false",
                            "ingress.179083333.to_port": "22",
                            "ingress.2411663372.cidr_blocks.#": "0",
                            "ingress.2411663372.from_port": "22",
                            "ingress.2411663372.ipv6_cidr_blocks.#": "0",
                            "ingress.2411663372.protocol": "tcp",
                            "ingress.2411663372.security_groups.#": "1",
                            "ingress.2411663372.security_groups.2387966765": "sg-1e816b78",
                            "ingress.2411663372.self": "false",
                            "ingress.2411663372.to_port": "22",
                            "ingress.3280021429.cidr_blocks.#": "1",
                            "ingress.3280021429.cidr_blocks.0": "10.0.0.0/8",
                            "ingress.3280021429.from_port": "8",
                            "ingress.3280021429.ipv6_cidr_blocks.#": "0",
                            "ingress.3280021429.protocol": "icmp",
                            "ingress.3280021429.security_groups.#": "0",
                            "ingress.3280021429.self": "false",
                            "ingress.3280021429.to_port": "0",
                            "ingress.852217775.cidr_blocks.#": "0",
                            "ingress.852217775.from_port": "8",
                            "ingress.852217775.ipv6_cidr_blocks.#": "0",
                            "ingress.852217775.protocol": "icmp",
                            "ingress.852217775.security_groups.#": "1",
                            "ingress.852217775.security_groups.2387966765": "sg-1e816b78",
                            "ingress.852217775.self": "false",
                            "ingress.852217775.to_port": "0",
                            "name": "integ-instance",
                            "owner_id": "044571148504",
                            "tags.%": "5",
                            "tags.Name": "integ-instance",
                            "tags.account_name": "jive-ps-pipeline",
                            "tags.pipeline_phase": "integ",
                            "tags.region": "us-west-2",
                            "tags.sla": "non-prod",
                            "vpc_id": "vpc-dc58e3b8"
                        },
                        "meta": {},
                        "tainted": false
                    },
                    "deposed": [],
                    "provider": ""
                },
                "aws_security_group.natgw_instance": {
                    "type": "aws_security_group",
                    "depends_on": [
                        "aws_security_group.env_instance",
                        "aws_vpc.main"
                    ],
                    "primary": {
                        "id": "sg-e2816b84",
                        "attributes": {
                            "description": "Members of this SG are allowed to send any type of traffic to the NAT Box.",
                            "egress.#": "0",
                            "id": "sg-e2816b84",
                            "ingress.#": "1",
                            "ingress.784839295.cidr_blocks.#": "0",
                            "ingress.784839295.from_port": "0",
                            "ingress.784839295.ipv6_cidr_blocks.#": "0",
                            "ingress.784839295.protocol": "-1",
                            "ingress.784839295.security_groups.#": "1",
                            "ingress.784839295.security_groups.355982052": "sg-e7816b81",
                            "ingress.784839295.self": "false",
                            "ingress.784839295.to_port": "0",
                            "name": "integ-natgw-instance",
                            "owner_id": "044571148504",
                            "tags.%": "5",
                            "tags.Name": "integ-natgw-instance",
                            "tags.account_name": "jive-ps-pipeline",
                            "tags.pipeline_phase": "integ",
                            "tags.region": "us-west-2",
                            "tags.sla": "non-prod",
                            "vpc_id": "vpc-dc58e3b8"
                        },
                        "meta": {},
                        "tainted": false
                    },
                    "deposed": [],
                    "provider": ""
                },
                "aws_subnet.natdc.0": {
                    "type": "aws_subnet",
                    "depends_on": [
                        "aws_vpc.main"
                    ],
                    "primary": {
                        "id": "subnet-d20dd4a4",
                        "attributes": {
                            "assign_ipv6_address_on_creation": "false",
                            "availability_zone": "us-west-2a",
                            "cidr_block": "10.126.144.0/24",
                            "id": "subnet-d20dd4a4",
                            "map_public_ip_on_launch": "false",
                            "tags.%": "5",
                            "tags.Name": "integ-natdc-subnet",
                            "tags.account_name": "jive-ps-pipeline",
                            "tags.pipeline_phase": "integ",
                            "tags.region": "us-west-2",
                            "tags.sla": "non-prod",
                            "vpc_id": "vpc-dc58e3b8"
                        },
                        "meta": {},
                        "tainted": false
                    },
                    "deposed": [],
                    "provider": ""
                },
                "aws_subnet.natdc.1": {
                    "type": "aws_subnet",
                    "depends_on": [
                        "aws_vpc.main"
                    ],
                    "primary": {
                        "id": "subnet-231f9847",
                        "attributes": {
                            "assign_ipv6_address_on_creation": "false",
                            "availability_zone": "us-west-2b",
                            "cidr_block": "10.126.145.0/24",
                            "id": "subnet-231f9847",
                            "map_public_ip_on_launch": "false",
                            "tags.%": "5",
                            "tags.Name": "integ-natdc-subnet",
                            "tags.account_name": "jive-ps-pipeline",
                            "tags.pipeline_phase": "integ",
                            "tags.region": "us-west-2",
                            "tags.sla": "non-prod",
                            "vpc_id": "vpc-dc58e3b8"
                        },
                        "meta": {},
                        "tainted": false
                    },
                    "deposed": [],
                    "provider": ""
                },
                "aws_subnet.natdc.2": {
                    "type": "aws_subnet",
                    "depends_on": [
                        "aws_vpc.main"
                    ],
                    "primary": {
                        "id": "subnet-ab42adf3",
                        "attributes": {
                            "assign_ipv6_address_on_creation": "false",
                            "availability_zone": "us-west-2c",
                            "cidr_block": "10.126.146.0/24",
                            "id": "subnet-ab42adf3",
                            "map_public_ip_on_launch": "false",
                            "tags.%": "5",
                            "tags.Name": "integ-natdc-subnet",
                            "tags.account_name": "jive-ps-pipeline",
                            "tags.pipeline_phase": "integ",
                            "tags.region": "us-west-2",
                            "tags.sla": "non-prod",
                            "vpc_id": "vpc-dc58e3b8"
                        },
                        "meta": {},
                        "tainted": false
                    },
                    "deposed": [],
                    "provider": ""
                },
                "aws_subnet.private.0": {
                    "type": "aws_subnet",
                    "depends_on": [
                        "aws_vpc.main"
                    ],
                    "primary": {
                        "id": "subnet-d50dd4a3",
                        "attributes": {
                            "assign_ipv6_address_on_creation": "false",
                            "availability_zone": "us-west-2a",
                            "cidr_block": "10.126.147.96/27",
                            "id": "subnet-d50dd4a3",
                            "map_public_ip_on_launch": "false",
                            "tags.%": "5",
                            "tags.Name": "integ-private-subnet",
                            "tags.account_name": "jive-ps-pipeline",
                            "tags.pipeline_phase": "integ",
                            "tags.region": "us-west-2",
                            "tags.sla": "non-prod",
                            "vpc_id": "vpc-dc58e3b8"
                        },
                        "meta": {},
                        "tainted": false
                    },
                    "deposed": [],
                    "provider": ""
                },
                "aws_subnet.private.1": {
                    "type": "aws_subnet",
                    "depends_on": [
                        "aws_vpc.main"
                    ],
                    "primary": {
                        "id": "subnet-201f9844",
                        "attributes": {
                            "assign_ipv6_address_on_creation": "false",
                            "availability_zone": "us-west-2b",
                            "cidr_block": "10.126.147.128/27",
                            "id": "subnet-201f9844",
                            "map_public_ip_on_launch": "false",
                            "tags.%": "5",
                            "tags.Name": "integ-private-subnet",
                            "tags.account_name": "jive-ps-pipeline",
                            "tags.pipeline_phase": "integ",
                            "tags.region": "us-west-2",
                            "tags.sla": "non-prod",
                            "vpc_id": "vpc-dc58e3b8"
                        },
                        "meta": {},
                        "tainted": false
                    },
                    "deposed": [],
                    "provider": ""
                },
                "aws_subnet.private.2": {
                    "type": "aws_subnet",
                    "depends_on": [
                        "aws_vpc.main"
                    ],
                    "primary": {
                        "id": "subnet-aa42adf2",
                        "attributes": {
                            "assign_ipv6_address_on_creation": "false",
                            "availability_zone": "us-west-2c",
                            "cidr_block": "10.126.147.160/27",
                            "id": "subnet-aa42adf2",
                            "map_public_ip_on_launch": "false",
                            "tags.%": "5",
                            "tags.Name": "integ-private-subnet",
                            "tags.account_name": "jive-ps-pipeline",
                            "tags.pipeline_phase": "integ",
                            "tags.region": "us-west-2",
                            "tags.sla": "non-prod",
                            "vpc_id": "vpc-dc58e3b8"
                        },
                        "meta": {},
                        "tainted": false
                    },
                    "deposed": [],
                    "provider": ""
                },
                "aws_subnet.public.0": {
                    "type": "aws_subnet",
                    "depends_on": [
                        "aws_vpc.main"
                    ],
                    "primary": {
                        "id": "subnet-d00dd4a6",
                        "attributes": {
                            "assign_ipv6_address_on_creation": "false",
                            "availability_zone": "us-west-2a",
                            "cidr_block": "10.126.147.0/27",
                            "id": "subnet-d00dd4a6",
                            "map_public_ip_on_launch": "false",
                            "tags.%": "6",
                            "tags.KubernetesCluster": "us-west-2_jive-ps-pipeline",
                            "tags.Name": "integ-public-subnet",
                            "tags.account_name": "jive-ps-pipeline",
                            "tags.pipeline_phase": "integ",
                            "tags.region": "us-west-2",
                            "tags.sla": "non-prod",
                            "vpc_id": "vpc-dc58e3b8"
                        },
                        "meta": {},
                        "tainted": false
                    },
                    "deposed": [],
                    "provider": ""
                },
                "aws_subnet.public.1": {
                    "type": "aws_subnet",
                    "depends_on": [
                        "aws_vpc.main"
                    ],
                    "primary": {
                        "id": "subnet-211f9845",
                        "attributes": {
                            "assign_ipv6_address_on_creation": "false",
                            "availability_zone": "us-west-2b",
                            "cidr_block": "10.126.147.32/27",
                            "id": "subnet-211f9845",
                            "map_public_ip_on_launch": "false",
                            "tags.%": "6",
                            "tags.KubernetesCluster": "us-west-2_jive-ps-pipeline",
                            "tags.Name": "integ-public-subnet",
                            "tags.account_name": "jive-ps-pipeline",
                            "tags.pipeline_phase": "integ",
                            "tags.region": "us-west-2",
                            "tags.sla": "non-prod",
                            "vpc_id": "vpc-dc58e3b8"
                        },
                        "meta": {},
                        "tainted": false
                    },
                    "deposed": [],
                    "provider": ""
                },
                "aws_subnet.public.2": {
                    "type": "aws_subnet",
                    "depends_on": [
                        "aws_vpc.main"
                    ],
                    "primary": {
                        "id": "subnet-a942adf1",
                        "attributes": {
                            "assign_ipv6_address_on_creation": "false",
                            "availability_zone": "us-west-2c",
                            "cidr_block": "10.126.147.64/27",
                            "id": "subnet-a942adf1",
                            "map_public_ip_on_launch": "false",
                            "tags.%": "6",
                            "tags.KubernetesCluster": "us-west-2_jive-ps-pipeline",
                            "tags.Name": "integ-public-subnet",
                            "tags.account_name": "jive-ps-pipeline",
                            "tags.pipeline_phase": "integ",
                            "tags.region": "us-west-2",
                            "tags.sla": "non-prod",
                            "vpc_id": "vpc-dc58e3b8"
                        },
                        "meta": {},
                        "tainted": false
                    },
                    "deposed": [],
                    "provider": ""
                },
                "aws_vpc.main": {
                    "type": "aws_vpc",
                    "depends_on": [],
                    "primary": {
                        "id": "vpc-dc58e3b8",
                        "attributes": {
                            "assign_generated_ipv6_cidr_block": "false",
                            "cidr_block": "10.126.144.0/22",
                            "default_network_acl_id": "acl-f060f794",
                            "default_route_table_id": "rtb-48a8c42c",
                            "default_security_group_id": "sg-17816b71",
                            "dhcp_options_id": "dopt-786d471d",
                            "enable_classiclink": "false",
                            "enable_dns_hostnames": "true",
                            "enable_dns_support": "true",
                            "id": "vpc-dc58e3b8",
                            "instance_tenancy": "default",
                            "main_route_table_id": "rtb-48a8c42c",
                            "tags.%": "5",
                            "tags.Name": "integ-vpc",
                            "tags.account_name": "jive-ps-pipeline",
                            "tags.pipeline_phase": "integ",
                            "tags.region": "us-west-2",
                            "tags.sla": "non-prod"
                        },
                        "meta": {
                            "schema_version": "1"
                        },
                        "tainted": false
                    },
                    "deposed": [],
                    "provider": ""
                },
                "aws_vpc_peering_connection.infra": {
                    "type": "aws_vpc_peering_connection",
                    "depends_on": [
                        "aws_vpc.main"
                    ],
                    "primary": {
                        "id": "pcx-00eb5f69",
                        "attributes": {
                            "accept_status": "active",
                            "accepter.#": "1",
                            "accepter.3244290774.allow_classic_link_to_remote_vpc": "false",
                            "accepter.3244290774.allow_remote_vpc_dns_resolution": "false",
                            "accepter.3244290774.allow_vpc_to_remote_classic_link": "false",
                            "auto_accept": "true",
                            "id": "pcx-00eb5f69",
                            "peer_owner_id": "044571148504",
                            "peer_vpc_id": "vpc-99338bfd",
                            "requester.#": "1",
                            "requester.3244290774.allow_classic_link_to_remote_vpc": "false",
                            "requester.3244290774.allow_remote_vpc_dns_resolution": "false",
                            "requester.3244290774.allow_vpc_to_remote_classic_link": "false",
                            "tags.%": "5",
                            "tags.Name": "integ_to_infra-jive-ps-pipeline",
                            "tags.account_name": "jive-ps-pipeline",
                            "tags.pipeline_phase": "integ",
                            "tags.region": "us-west-2",
                            "tags.sla": "non-prod",
                            "vpc_id": "vpc-dc58e3b8"
                        },
                        "meta": {},
                        "tainted": false
                    },
                    "deposed": [],
                    "provider": ""
                },
                "aws_vpn_gateway.vgw": {
                    "type": "aws_vpn_gateway",
                    "depends_on": [
                        "aws_vpc.main"
                    ],
                    "primary": {
                        "id": "vgw-c7d40dd9",
                        "attributes": {
                            "availability_zone": "",
                            "id": "vgw-c7d40dd9",
                            "tags.%": "7",
                            "tags.Name": "integ-vgw",
                            "tags.account_name": "jive-ps-pipeline",
                            "tags.jive_service": "infrastructure",
                            "tags.pipeline_phase": "integ",
                            "tags.region": "us-west-2",
                            "tags.service_component": "vpn_gateway",
                            "tags.sla": "non-prod",
                            "vpc_id": "vpc-dc58e3b8"
                        },
                        "meta": {},
                        "tainted": false
                    },
                    "deposed": [],
                    "provider": ""
                }
            },
            "depends_on": []
        }
    ]
}
