{
    "version": 3,
    "terraform_version": "0.9.4",
    "serial": 14,
    "lineage": "8c6d7eea-52ac-4017-965f-7f9ebd67459a",
    "modules": [
        {
            "path": [
                "root"
            ],
            "outputs": {},
            "resources": {
                "aws_eip.natgw.0": {
                    "type": "aws_eip",
                    "depends_on": [],
                    "primary": {
                        "id": "eipalloc-10100420",
                        "attributes": {
                            "association_id": "",
                            "domain": "vpc",
                            "id": "eipalloc-10100420",
                            "instance": "",
                            "network_interface": "",
                            "private_ip": "",
                            "public_ip": "52.71.81.21",
                            "vpc": "true"
                        },
                        "meta": {},
                        "tainted": false
                    },
                    "deposed": [],
                    "provider": ""
                },
                "aws_eip.natgw.1": {
                    "type": "aws_eip",
                    "depends_on": [],
                    "primary": {
                        "id": "eipalloc-4c10047c",
                        "attributes": {
                            "association_id": "",
                            "domain": "vpc",
                            "id": "eipalloc-4c10047c",
                            "instance": "",
                            "network_interface": "",
                            "private_ip": "",
                            "public_ip": "34.195.176.57",
                            "vpc": "true"
                        },
                        "meta": {},
                        "tainted": false
                    },
                    "deposed": [],
                    "provider": ""
                },
                "aws_eip.natgw.2": {
                    "type": "aws_eip",
                    "depends_on": [],
                    "primary": {
                        "id": "eipalloc-4d10047d",
                        "attributes": {
                            "association_id": "",
                            "domain": "vpc",
                            "id": "eipalloc-4d10047d",
                            "instance": "",
                            "network_interface": "",
                            "private_ip": "",
                            "public_ip": "34.227.249.187",
                            "vpc": "true"
                        },
                        "meta": {},
                        "tainted": false
                    },
                    "deposed": [],
                    "provider": ""
                },
                "aws_eip.natgw.3": {
                    "type": "aws_eip",
                    "depends_on": [],
                    "primary": {
                        "id": "eipalloc-e91004d9",
                        "attributes": {
                            "association_id": "",
                            "domain": "vpc",
                            "id": "eipalloc-e91004d9",
                            "instance": "",
                            "network_interface": "",
                            "private_ip": "",
                            "public_ip": "52.20.179.129",
                            "vpc": "true"
                        },
                        "meta": {},
                        "tainted": false
                    },
                    "deposed": [],
                    "provider": ""
                },
                "aws_eip.natgw.4": {
                    "type": "aws_eip",
                    "depends_on": [],
                    "primary": {
                        "id": "eipalloc-e01400d0",
                        "attributes": {
                            "association_id": "",
                            "domain": "vpc",
                            "id": "eipalloc-e01400d0",
                            "instance": "",
                            "network_interface": "",
                            "private_ip": "",
                            "public_ip": "34.228.181.117",
                            "vpc": "true"
                        },
                        "meta": {},
                        "tainted": false
                    },
                    "deposed": [],
                    "provider": ""
                },
                "aws_internet_gateway.igw": {
                    "type": "aws_internet_gateway",
                    "depends_on": [
                        "aws_vpc.main"
                    ],
                    "primary": {
                        "id": "igw-93d192f5",
                        "attributes": {
                            "id": "igw-93d192f5",
                            "tags.%": "5",
                            "tags.Name": "prod-igw",
                            "tags.account_name": "jive-infra-prod",
                            "tags.pipeline_phase": "prod",
                            "tags.region": "us-east-1",
                            "tags.sla": "non-prod",
                            "vpc_id": "vpc-99e77ae0"
                        },
                        "meta": {},
                        "tainted": false
                    },
                    "deposed": [],
                    "provider": ""
                },
                "aws_nat_gateway.natgw.0": {
                    "type": "aws_nat_gateway",
                    "depends_on": [
                        "aws_eip.natgw.*",
                        "aws_internet_gateway.igw",
                        "aws_subnet.public.*"
                    ],
                    "primary": {
                        "id": "nat-01d27db368db7065c",
                        "attributes": {
                            "allocation_id": "eipalloc-10100420",
                            "id": "nat-01d27db368db7065c",
                            "network_interface_id": "eni-921a4f41",
                            "private_ip": "10.124.90.54",
                            "public_ip": "52.71.81.21",
                            "subnet_id": "subnet-75e6aa3d"
                        },
                        "meta": {},
                        "tainted": false
                    },
                    "deposed": [],
                    "provider": ""
                },
                "aws_nat_gateway.natgw.1": {
                    "type": "aws_nat_gateway",
                    "depends_on": [
                        "aws_eip.natgw.*",
                        "aws_internet_gateway.igw",
                        "aws_subnet.public.*"
                    ],
                    "primary": {
                        "id": "nat-04c38eec1a64aef93",
                        "attributes": {
                            "allocation_id": "eipalloc-4c10047c",
                            "id": "nat-04c38eec1a64aef93",
                            "network_interface_id": "eni-62d242cb",
                            "private_ip": "10.124.90.180",
                            "public_ip": "34.195.176.57",
                            "subnet_id": "subnet-4458d41e"
                        },
                        "meta": {},
                        "tainted": false
                    },
                    "deposed": [],
                    "provider": ""
                },
                "aws_nat_gateway.natgw.2": {
                    "type": "aws_nat_gateway",
                    "depends_on": [
                        "aws_eip.natgw.*",
                        "aws_internet_gateway.igw",
                        "aws_subnet.public.*"
                    ],
                    "primary": {
                        "id": "nat-0a9647e1fb12d6184",
                        "attributes": {
                            "allocation_id": "eipalloc-4d10047d",
                            "id": "nat-0a9647e1fb12d6184",
                            "network_interface_id": "eni-22bd1935",
                            "private_ip": "10.124.91.7",
                            "public_ip": "34.227.249.187",
                            "subnet_id": "subnet-baef0bde"
                        },
                        "meta": {},
                        "tainted": false
                    },
                    "deposed": [],
                    "provider": ""
                },
                "aws_nat_gateway.natgw.3": {
                    "type": "aws_nat_gateway",
                    "depends_on": [
                        "aws_eip.natgw.*",
                        "aws_internet_gateway.igw",
                        "aws_subnet.public.*"
                    ],
                    "primary": {
                        "id": "nat-047952662e5451b3c",
                        "attributes": {
                            "allocation_id": "eipalloc-e91004d9",
                            "id": "nat-047952662e5451b3c",
                            "network_interface_id": "eni-e2f6574d",
                            "private_ip": "10.124.91.155",
                            "public_ip": "52.20.179.129",
                            "subnet_id": "subnet-08891d24"
                        },
                        "meta": {},
                        "tainted": false
                    },
                    "deposed": [],
                    "provider": ""
                },
                "aws_nat_gateway.natgw.4": {
                    "type": "aws_nat_gateway",
                    "depends_on": [
                        "aws_eip.natgw.*",
                        "aws_internet_gateway.igw",
                        "aws_subnet.public.*"
                    ],
                    "primary": {
                        "id": "nat-029cc22b909c8ea06",
                        "attributes": {
                            "allocation_id": "eipalloc-e01400d0",
                            "id": "nat-029cc22b909c8ea06",
                            "network_interface_id": "eni-c67461c7",
                            "private_ip": "10.124.92.75",
                            "public_ip": "34.228.181.117",
                            "subnet_id": "subnet-777b7d4b"
                        },
                        "meta": {},
                        "tainted": false
                    },
                    "deposed": [],
                    "provider": ""
                },
                "aws_route.infra_natdc.0": {
                    "type": "aws_route",
                    "depends_on": [
                        "aws_vpc_peering_connection.infra"
                    ],
                    "primary": {
                        "id": "r-rtb-4f2503373796696819",
                        "attributes": {
                            "destination_cidr_block": "10.124.80.0/20",
                            "destination_prefix_list_id": "",
                            "egress_only_gateway_id": "",
                            "gateway_id": "",
                            "id": "r-rtb-4f2503373796696819",
                            "instance_id": "",
                            "instance_owner_id": "",
                            "nat_gateway_id": "",
                            "network_interface_id": "",
                            "origin": "CreateRoute",
                            "route_table_id": "rtb-4f250337",
                            "state": "active",
                            "vpc_peering_connection_id": "pcx-b4d3a2dd"
                        },
                        "meta": {},
                        "tainted": false
                    },
                    "deposed": [],
                    "provider": ""
                },
                "aws_route.infra_natdc.1": {
                    "type": "aws_route",
                    "depends_on": [
                        "aws_vpc_peering_connection.infra"
                    ],
                    "primary": {
                        "id": "r-rtb-265a7c5e3796696819",
                        "attributes": {
                            "destination_cidr_block": "10.124.80.0/20",
                            "destination_prefix_list_id": "",
                            "egress_only_gateway_id": "",
                            "gateway_id": "",
                            "id": "r-rtb-265a7c5e3796696819",
                            "instance_id": "",
                            "instance_owner_id": "",
                            "nat_gateway_id": "",
                            "network_interface_id": "",
                            "origin": "CreateRoute",
                            "route_table_id": "rtb-265a7c5e",
                            "state": "active",
                            "vpc_peering_connection_id": "pcx-b4d3a2dd"
                        },
                        "meta": {},
                        "tainted": false
                    },
                    "deposed": [],
                    "provider": ""
                },
                "aws_route.infra_natdc.2": {
                    "type": "aws_route",
                    "depends_on": [
                        "aws_vpc_peering_connection.infra"
                    ],
                    "primary": {
                        "id": "r-rtb-b9597fc13796696819",
                        "attributes": {
                            "destination_cidr_block": "10.124.80.0/20",
                            "destination_prefix_list_id": "",
                            "egress_only_gateway_id": "",
                            "gateway_id": "",
                            "id": "r-rtb-b9597fc13796696819",
                            "instance_id": "",
                            "instance_owner_id": "",
                            "nat_gateway_id": "",
                            "network_interface_id": "",
                            "origin": "CreateRoute",
                            "route_table_id": "rtb-b9597fc1",
                            "state": "active",
                            "vpc_peering_connection_id": "pcx-b4d3a2dd"
                        },
                        "meta": {},
                        "tainted": false
                    },
                    "deposed": [],
                    "provider": ""
                },
                "aws_route.infra_natdc.3": {
                    "type": "aws_route",
                    "depends_on": [
                        "aws_vpc_peering_connection.infra"
                    ],
                    "primary": {
                        "id": "r-rtb-5726002f3796696819",
                        "attributes": {
                            "destination_cidr_block": "10.124.80.0/20",
                            "destination_prefix_list_id": "",
                            "egress_only_gateway_id": "",
                            "gateway_id": "",
                            "id": "r-rtb-5726002f3796696819",
                            "instance_id": "",
                            "instance_owner_id": "",
                            "nat_gateway_id": "",
                            "network_interface_id": "",
                            "origin": "CreateRoute",
                            "route_table_id": "rtb-5726002f",
                            "state": "active",
                            "vpc_peering_connection_id": "pcx-b4d3a2dd"
                        },
                        "meta": {},
                        "tainted": false
                    },
                    "deposed": [],
                    "provider": ""
                },
                "aws_route.infra_natdc.4": {
                    "type": "aws_route",
                    "depends_on": [
                        "aws_vpc_peering_connection.infra"
                    ],
                    "primary": {
                        "id": "r-rtb-bd5c7ac53796696819",
                        "attributes": {
                            "destination_cidr_block": "10.124.80.0/20",
                            "destination_prefix_list_id": "",
                            "egress_only_gateway_id": "",
                            "gateway_id": "",
                            "id": "r-rtb-bd5c7ac53796696819",
                            "instance_id": "",
                            "instance_owner_id": "",
                            "nat_gateway_id": "",
                            "network_interface_id": "",
                            "origin": "CreateRoute",
                            "route_table_id": "rtb-bd5c7ac5",
                            "state": "active",
                            "vpc_peering_connection_id": "pcx-b4d3a2dd"
                        },
                        "meta": {},
                        "tainted": false
                    },
                    "deposed": [],
                    "provider": ""
                },
                "aws_route.infra_private": {
                    "type": "aws_route",
                    "depends_on": [
                        "aws_vpc_peering_connection.infra"
                    ],
                    "primary": {
                        "id": "r-rtb-f4587e8c3796696819",
                        "attributes": {
                            "destination_cidr_block": "10.124.80.0/20",
                            "destination_prefix_list_id": "",
                            "egress_only_gateway_id": "",
                            "gateway_id": "",
                            "id": "r-rtb-f4587e8c3796696819",
                            "instance_id": "",
                            "instance_owner_id": "",
                            "nat_gateway_id": "",
                            "network_interface_id": "",
                            "origin": "CreateRoute",
                            "route_table_id": "rtb-f4587e8c",
                            "state": "active",
                            "vpc_peering_connection_id": "pcx-b4d3a2dd"
                        },
                        "meta": {},
                        "tainted": false
                    },
                    "deposed": [],
                    "provider": ""
                },
                "aws_route.infra_public": {
                    "type": "aws_route",
                    "depends_on": [
                        "aws_vpc_peering_connection.infra"
                    ],
                    "primary": {
                        "id": "r-rtb-2a5a7c523796696819",
                        "attributes": {
                            "destination_cidr_block": "10.124.80.0/20",
                            "destination_prefix_list_id": "",
                            "egress_only_gateway_id": "",
                            "gateway_id": "",
                            "id": "r-rtb-2a5a7c523796696819",
                            "instance_id": "",
                            "instance_owner_id": "",
                            "nat_gateway_id": "",
                            "network_interface_id": "",
                            "origin": "CreateRoute",
                            "route_table_id": "rtb-2a5a7c52",
                            "state": "active",
                            "vpc_peering_connection_id": "pcx-b4d3a2dd"
                        },
                        "meta": {},
                        "tainted": false
                    },
                    "deposed": [],
                    "provider": ""
                },
                "aws_route53_zone_association.route53": {
                    "type": "aws_route53_zone_association",
                    "depends_on": [
                        "aws_vpc.main"
                    ],
                    "primary": {
                        "id": "Z29R9SNGSOO2W2:vpc-99e77ae0",
                        "attributes": {
                            "id": "Z29R9SNGSOO2W2:vpc-99e77ae0",
                            "vpc_id": "vpc-99e77ae0",
                            "vpc_region": "us-east-1",
                            "zone_id": "Z29R9SNGSOO2W2"
                        },
                        "meta": {},
                        "tainted": false
                    },
                    "deposed": [],
                    "provider": ""
                },
                "aws_route_table.natdc.0": {
                    "type": "aws_route_table",
                    "depends_on": [
                        "aws_nat_gateway.natgw.*",
                        "aws_vpc.main",
                        "aws_vpc_peering_connection.infra",
                        "aws_vpn_gateway.vgw"
                    ],
                    "primary": {
                        "id": "rtb-70371708",
                        "attributes": {
                            "id": "rtb-70371708",
                            "propagating_vgws.#": "1",
                            "propagating_vgws.3653807336": "vgw-83b45fea",
                            "route.#": "2",
                            "route.192919265.cidr_block": "0.0.0.0/0",
                            "route.192919265.egress_only_gateway_id": "",
                            "route.192919265.gateway_id": "",
                            "route.192919265.instance_id": "",
                            "route.192919265.ipv6_cidr_block": "",
                            "route.192919265.nat_gateway_id": "nat-01d27db368db7065c",
                            "route.192919265.network_interface_id": "",
                            "route.192919265.vpc_peering_connection_id": "",
                            "route.4218950785.cidr_block": "10.127.25.7/32",
                            "route.4218950785.egress_only_gateway_id": "",
                            "route.4218950785.gateway_id": "",
                            "route.4218950785.instance_id": "",
                            "route.4218950785.ipv6_cidr_block": "",
                            "route.4218950785.nat_gateway_id": "",
                            "route.4218950785.network_interface_id": "",
                            "route.4218950785.vpc_peering_connection_id": "pcx-b4d3a2dd",
                            "tags.%": "5",
                            "tags.Name": "prod-natdc-routetable",
                            "tags.account_name": "jive-infra-prod",
                            "tags.pipeline_phase": "prod",
                            "tags.region": "us-east-1",
                            "tags.sla": "non-prod",
                            "vpc_id": "vpc-99e77ae0"
                        },
                        "meta": {},
                        "tainted": false
                    },
                    "deposed": [],
                    "provider": ""
                },
                "aws_route_table.natdc.1": {
                    "type": "aws_route_table",
                    "depends_on": [
                        "aws_nat_gateway.natgw.*",
                        "aws_vpc.main",
                        "aws_vpc_peering_connection.infra",
                        "aws_vpn_gateway.vgw"
                    ],
                    "primary": {
                        "id": "rtb-bc3414c4",
                        "attributes": {
                            "id": "rtb-bc3414c4",
                            "propagating_vgws.#": "1",
                            "propagating_vgws.3653807336": "vgw-83b45fea",
                            "route.#": "2",
                            "route.4218950785.cidr_block": "10.127.25.7/32",
                            "route.4218950785.egress_only_gateway_id": "",
                            "route.4218950785.gateway_id": "",
                            "route.4218950785.instance_id": "",
                            "route.4218950785.ipv6_cidr_block": "",
                            "route.4218950785.nat_gateway_id": "",
                            "route.4218950785.network_interface_id": "",
                            "route.4218950785.vpc_peering_connection_id": "pcx-b4d3a2dd",
                            "route.591292861.cidr_block": "0.0.0.0/0",
                            "route.591292861.egress_only_gateway_id": "",
                            "route.591292861.gateway_id": "",
                            "route.591292861.instance_id": "",
                            "route.591292861.ipv6_cidr_block": "",
                            "route.591292861.nat_gateway_id": "nat-04c38eec1a64aef93",
                            "route.591292861.network_interface_id": "",
                            "route.591292861.vpc_peering_connection_id": "",
                            "tags.%": "5",
                            "tags.Name": "prod-natdc-routetable",
                            "tags.account_name": "jive-infra-prod",
                            "tags.pipeline_phase": "prod",
                            "tags.region": "us-east-1",
                            "tags.sla": "non-prod",
                            "vpc_id": "vpc-99e77ae0"
                        },
                        "meta": {},
                        "tainted": false
                    },
                    "deposed": [],
                    "provider": ""
                },
                "aws_route_table.natdc.2": {
                    "type": "aws_route_table",
                    "depends_on": [
                        "aws_nat_gateway.natgw.*",
                        "aws_vpc.main",
                        "aws_vpc_peering_connection.infra",
                        "aws_vpn_gateway.vgw"
                    ],
                    "primary": {
                        "id": "rtb-2434145c",
                        "attributes": {
                            "id": "rtb-2434145c",
                            "propagating_vgws.#": "1",
                            "propagating_vgws.3653807336": "vgw-83b45fea",
                            "route.#": "1",
                            "route.1916162422.cidr_block": "0.0.0.0/0",
                            "route.1916162422.egress_only_gateway_id": "",
                            "route.1916162422.gateway_id": "",
                            "route.1916162422.instance_id": "",
                            "route.1916162422.ipv6_cidr_block": "",
                            "route.1916162422.nat_gateway_id": "nat-0a9647e1fb12d6184",
                            "route.1916162422.network_interface_id": "",
                            "route.1916162422.vpc_peering_connection_id": "",
                            "tags.%": "5",
                            "tags.Name": "prod-natdc-routetable",
                            "tags.account_name": "jive-infra-prod",
                            "tags.pipeline_phase": "prod",
                            "tags.region": "us-east-1",
                            "tags.sla": "non-prod",
                            "vpc_id": "vpc-99e77ae0"
                        },
                        "meta": {},
                        "tainted": false
                    },
                    "deposed": [],
                    "provider": ""
                },
                "aws_route_table.natdc.3": {
                    "type": "aws_route_table",
                    "depends_on": [
                        "aws_nat_gateway.natgw.*",
                        "aws_vpc.main",
                        "aws_vpc_peering_connection.infra",
                        "aws_vpn_gateway.vgw"
                    ],
                    "primary": {
                        "id": "rtb-da3111a2",
                        "attributes": {
                            "id": "rtb-da3111a2",
                            "propagating_vgws.#": "1",
                            "propagating_vgws.3653807336": "vgw-83b45fea",
                            "route.#": "2",
                            "route.3978555699.cidr_block": "0.0.0.0/0",
                            "route.3978555699.egress_only_gateway_id": "",
                            "route.3978555699.gateway_id": "",
                            "route.3978555699.instance_id": "",
                            "route.3978555699.ipv6_cidr_block": "",
                            "route.3978555699.nat_gateway_id": "nat-047952662e5451b3c",
                            "route.3978555699.network_interface_id": "",
                            "route.3978555699.vpc_peering_connection_id": "",
                            "route.4218950785.cidr_block": "10.127.25.7/32",
                            "route.4218950785.egress_only_gateway_id": "",
                            "route.4218950785.gateway_id": "",
                            "route.4218950785.instance_id": "",
                            "route.4218950785.ipv6_cidr_block": "",
                            "route.4218950785.nat_gateway_id": "",
                            "route.4218950785.network_interface_id": "",
                            "route.4218950785.vpc_peering_connection_id": "pcx-b4d3a2dd",
                            "tags.%": "5",
                            "tags.Name": "prod-natdc-routetable",
                            "tags.account_name": "jive-infra-prod",
                            "tags.pipeline_phase": "prod",
                            "tags.region": "us-east-1",
                            "tags.sla": "non-prod",
                            "vpc_id": "vpc-99e77ae0"
                        },
                        "meta": {},
                        "tainted": false
                    },
                    "deposed": [],
                    "provider": ""
                },
                "aws_route_table.natdc.4": {
                    "type": "aws_route_table",
                    "depends_on": [
                        "aws_nat_gateway.natgw.*",
                        "aws_vpc.main",
                        "aws_vpc_peering_connection.infra",
                        "aws_vpn_gateway.vgw"
                    ],
                    "primary": {
                        "id": "rtb-b22d0dca",
                        "attributes": {
                            "id": "rtb-b22d0dca",
                            "propagating_vgws.#": "1",
                            "propagating_vgws.3653807336": "vgw-83b45fea",
                            "route.#": "2",
                            "route.1605537479.cidr_block": "0.0.0.0/0",
                            "route.1605537479.egress_only_gateway_id": "",
                            "route.1605537479.gateway_id": "",
                            "route.1605537479.instance_id": "",
                            "route.1605537479.ipv6_cidr_block": "",
                            "route.1605537479.nat_gateway_id": "nat-029cc22b909c8ea06",
                            "route.1605537479.network_interface_id": "",
                            "route.1605537479.vpc_peering_connection_id": "",
                            "route.4218950785.cidr_block": "10.127.25.7/32",
                            "route.4218950785.egress_only_gateway_id": "",
                            "route.4218950785.gateway_id": "",
                            "route.4218950785.instance_id": "",
                            "route.4218950785.ipv6_cidr_block": "",
                            "route.4218950785.nat_gateway_id": "",
                            "route.4218950785.network_interface_id": "",
                            "route.4218950785.vpc_peering_connection_id": "pcx-b4d3a2dd",
                            "tags.%": "5",
                            "tags.Name": "prod-natdc-routetable",
                            "tags.account_name": "jive-infra-prod",
                            "tags.pipeline_phase": "prod",
                            "tags.region": "us-east-1",
                            "tags.sla": "non-prod",
                            "vpc_id": "vpc-99e77ae0"
                        },
                        "meta": {},
                        "tainted": false
                    },
                    "deposed": [],
                    "provider": ""
                },
                "aws_route_table.private": {
                    "type": "aws_route_table",
                    "depends_on": [
                        "aws_vpc.main",
                        "aws_vpc_peering_connection.infra"
                    ],
                    "primary": {
                        "id": "rtb-2c341454",
                        "attributes": {
                            "id": "rtb-2c341454",
                            "propagating_vgws.#": "0",
                            "route.#": "1",
                            "route.4218950785.cidr_block": "10.127.25.7/32",
                            "route.4218950785.egress_only_gateway_id": "",
                            "route.4218950785.gateway_id": "",
                            "route.4218950785.instance_id": "",
                            "route.4218950785.ipv6_cidr_block": "",
                            "route.4218950785.nat_gateway_id": "",
                            "route.4218950785.network_interface_id": "",
                            "route.4218950785.vpc_peering_connection_id": "pcx-b4d3a2dd",
                            "tags.%": "5",
                            "tags.Name": "prod-private-routetable",
                            "tags.account_name": "jive-infra-prod",
                            "tags.pipeline_phase": "prod",
                            "tags.region": "us-east-1",
                            "tags.sla": "non-prod",
                            "vpc_id": "vpc-99e77ae0"
                        },
                        "meta": {},
                        "tainted": false
                    },
                    "deposed": [],
                    "provider": ""
                },
                "aws_route_table.public": {
                    "type": "aws_route_table",
                    "depends_on": [
                        "aws_internet_gateway.igw",
                        "aws_vpc.main",
                        "aws_vpc_peering_connection.infra"
                    ],
                    "primary": {
                        "id": "rtb-f52e0e8d",
                        "attributes": {
                            "id": "rtb-f52e0e8d",
                            "propagating_vgws.#": "0",
                            "route.#": "2",
                            "route.2674704155.cidr_block": "0.0.0.0/0",
                            "route.2674704155.egress_only_gateway_id": "",
                            "route.2674704155.gateway_id": "igw-93d192f5",
                            "route.2674704155.instance_id": "",
                            "route.2674704155.ipv6_cidr_block": "",
                            "route.2674704155.nat_gateway_id": "",
                            "route.2674704155.network_interface_id": "",
                            "route.2674704155.vpc_peering_connection_id": "",
                            "route.4218950785.cidr_block": "10.127.25.7/32",
                            "route.4218950785.egress_only_gateway_id": "",
                            "route.4218950785.gateway_id": "",
                            "route.4218950785.instance_id": "",
                            "route.4218950785.ipv6_cidr_block": "",
                            "route.4218950785.nat_gateway_id": "",
                            "route.4218950785.network_interface_id": "",
                            "route.4218950785.vpc_peering_connection_id": "pcx-b4d3a2dd",
                            "tags.%": "6",
                            "tags.KubernetesCluster": "us-east-1_jive-infra-prod",
                            "tags.Name": "prod-public-routetable",
                            "tags.account_name": "jive-infra-prod",
                            "tags.pipeline_phase": "prod",
                            "tags.region": "us-east-1",
                            "tags.sla": "non-prod",
                            "vpc_id": "vpc-99e77ae0"
                        },
                        "meta": {},
                        "tainted": false
                    },
                    "deposed": [],
                    "provider": ""
                },
                "aws_route_table_association.natdc.0": {
                    "type": "aws_route_table_association",
                    "depends_on": [
                        "aws_route_table.natdc.*",
                        "aws_subnet.natdc.*"
                    ],
                    "primary": {
                        "id": "rtbassoc-f47d6e8f",
                        "attributes": {
                            "id": "rtbassoc-f47d6e8f",
                            "route_table_id": "rtb-70371708",
                            "subnet_id": "subnet-44f9b50c"
                        },
                        "meta": {},
                        "tainted": false
                    },
                    "deposed": [],
                    "provider": ""
                },
                "aws_route_table_association.natdc.1": {
                    "type": "aws_route_table_association",
                    "depends_on": [
                        "aws_route_table.natdc.*",
                        "aws_subnet.natdc.*"
                    ],
                    "primary": {
                        "id": "rtbassoc-0f647774",
                        "attributes": {
                            "id": "rtbassoc-0f647774",
                            "route_table_id": "rtb-bc3414c4",
                            "subnet_id": "subnet-ad5cd0f7"
                        },
                        "meta": {},
                        "tainted": false
                    },
                    "deposed": [],
                    "provider": ""
                },
                "aws_route_table_association.natdc.2": {
                    "type": "aws_route_table_association",
                    "depends_on": [
                        "aws_route_table.natdc.*",
                        "aws_subnet.natdc.*"
                    ],
                    "primary": {
                        "id": "rtbassoc-4760733c",
                        "attributes": {
                            "id": "rtbassoc-4760733c",
                            "route_table_id": "rtb-2434145c",
                            "subnet_id": "subnet-24ed0940"
                        },
                        "meta": {},
                        "tainted": false
                    },
                    "deposed": [],
                    "provider": ""
                },
                "aws_route_table_association.natdc.3": {
                    "type": "aws_route_table_association",
                    "depends_on": [
                        "aws_route_table.natdc.*",
                        "aws_subnet.natdc.*"
                    ],
                    "primary": {
                        "id": "rtbassoc-fb637080",
                        "attributes": {
                            "id": "rtbassoc-fb637080",
                            "route_table_id": "rtb-da3111a2",
                            "subnet_id": "subnet-9c8f1bb0"
                        },
                        "meta": {},
                        "tainted": false
                    },
                    "deposed": [],
                    "provider": ""
                },
                "aws_route_table_association.natdc.4": {
                    "type": "aws_route_table_association",
                    "depends_on": [
                        "aws_route_table.natdc.*",
                        "aws_subnet.natdc.*"
                    ],
                    "primary": {
                        "id": "rtbassoc-b46172cf",
                        "attributes": {
                            "id": "rtbassoc-b46172cf",
                            "route_table_id": "rtb-b22d0dca",
                            "subnet_id": "subnet-f47b7dc8"
                        },
                        "meta": {},
                        "tainted": false
                    },
                    "deposed": [],
                    "provider": ""
                },
                "aws_route_table_association.private.0": {
                    "type": "aws_route_table_association",
                    "depends_on": [
                        "aws_route_table.private",
                        "aws_subnet.private.*"
                    ],
                    "primary": {
                        "id": "rtbassoc-1f677464",
                        "attributes": {
                            "id": "rtbassoc-1f677464",
                            "route_table_id": "rtb-2c341454",
                            "subnet_id": "subnet-65e0ac2d"
                        },
                        "meta": {},
                        "tainted": false
                    },
                    "deposed": [],
                    "provider": ""
                },
                "aws_route_table_association.private.1": {
                    "type": "aws_route_table_association",
                    "depends_on": [
                        "aws_route_table.private",
                        "aws_subnet.private.*"
                    ],
                    "primary": {
                        "id": "rtbassoc-d16271aa",
                        "attributes": {
                            "id": "rtbassoc-d16271aa",
                            "route_table_id": "rtb-2c341454",
                            "subnet_id": "subnet-2e43cf74"
                        },
                        "meta": {},
                        "tainted": false
                    },
                    "deposed": [],
                    "provider": ""
                },
                "aws_route_table_association.private.2": {
                    "type": "aws_route_table_association",
                    "depends_on": [
                        "aws_route_table.private",
                        "aws_subnet.private.*"
                    ],
                    "primary": {
                        "id": "rtbassoc-ca796ab1",
                        "attributes": {
                            "id": "rtbassoc-ca796ab1",
                            "route_table_id": "rtb-2c341454",
                            "subnet_id": "subnet-48f4102c"
                        },
                        "meta": {},
                        "tainted": false
                    },
                    "deposed": [],
                    "provider": ""
                },
                "aws_route_table_association.private.3": {
                    "type": "aws_route_table_association",
                    "depends_on": [
                        "aws_route_table.private",
                        "aws_subnet.private.*"
                    ],
                    "primary": {
                        "id": "rtbassoc-e160739a",
                        "attributes": {
                            "id": "rtbassoc-e160739a",
                            "route_table_id": "rtb-2c341454",
                            "subnet_id": "subnet-e5b521c9"
                        },
                        "meta": {},
                        "tainted": false
                    },
                    "deposed": [],
                    "provider": ""
                },
                "aws_route_table_association.private.4": {
                    "type": "aws_route_table_association",
                    "depends_on": [
                        "aws_route_table.private",
                        "aws_subnet.private.*"
                    ],
                    "primary": {
                        "id": "rtbassoc-5a667521",
                        "attributes": {
                            "id": "rtbassoc-5a667521",
                            "route_table_id": "rtb-2c341454",
                            "subnet_id": "subnet-3d040201"
                        },
                        "meta": {},
                        "tainted": false
                    },
                    "deposed": [],
                    "provider": ""
                },
                "aws_route_table_association.public.0": {
                    "type": "aws_route_table_association",
                    "depends_on": [
                        "aws_route_table.public",
                        "aws_subnet.public.*"
                    ],
                    "primary": {
                        "id": "rtbassoc-db7f6ca0",
                        "attributes": {
                            "id": "rtbassoc-db7f6ca0",
                            "route_table_id": "rtb-f52e0e8d",
                            "subnet_id": "subnet-75e6aa3d"
                        },
                        "meta": {},
                        "tainted": false
                    },
                    "deposed": [],
                    "provider": ""
                },
                "aws_route_table_association.public.1": {
                    "type": "aws_route_table_association",
                    "depends_on": [
                        "aws_route_table.public",
                        "aws_subnet.public.*"
                    ],
                    "primary": {
                        "id": "rtbassoc-49607332",
                        "attributes": {
                            "id": "rtbassoc-49607332",
                            "route_table_id": "rtb-f52e0e8d",
                            "subnet_id": "subnet-4458d41e"
                        },
                        "meta": {},
                        "tainted": false
                    },
                    "deposed": [],
                    "provider": ""
                },
                "aws_route_table_association.public.2": {
                    "type": "aws_route_table_association",
                    "depends_on": [
                        "aws_route_table.public",
                        "aws_subnet.public.*"
                    ],
                    "primary": {
                        "id": "rtbassoc-5b667520",
                        "attributes": {
                            "id": "rtbassoc-5b667520",
                            "route_table_id": "rtb-f52e0e8d",
                            "subnet_id": "subnet-baef0bde"
                        },
                        "meta": {},
                        "tainted": false
                    },
                    "deposed": [],
                    "provider": ""
                },
                "aws_route_table_association.public.3": {
                    "type": "aws_route_table_association",
                    "depends_on": [
                        "aws_route_table.public",
                        "aws_subnet.public.*"
                    ],
                    "primary": {
                        "id": "rtbassoc-cf7c6fb4",
                        "attributes": {
                            "id": "rtbassoc-cf7c6fb4",
                            "route_table_id": "rtb-f52e0e8d",
                            "subnet_id": "subnet-08891d24"
                        },
                        "meta": {},
                        "tainted": false
                    },
                    "deposed": [],
                    "provider": ""
                },
                "aws_route_table_association.public.4": {
                    "type": "aws_route_table_association",
                    "depends_on": [
                        "aws_route_table.public",
                        "aws_subnet.public.*"
                    ],
                    "primary": {
                        "id": "rtbassoc-307c6f4b",
                        "attributes": {
                            "id": "rtbassoc-307c6f4b",
                            "route_table_id": "rtb-f52e0e8d",
                            "subnet_id": "subnet-777b7d4b"
                        },
                        "meta": {},
                        "tainted": false
                    },
                    "deposed": [],
                    "provider": ""
                },
                "aws_security_group.admin_instance": {
                    "type": "aws_security_group",
                    "depends_on": [
                        "aws_vpc.main"
                    ],
                    "primary": {
                        "id": "sg-83a4ddf2",
                        "attributes": {
                            "description": "Admin instances for the VPC",
                            "egress.#": "0",
                            "id": "sg-83a4ddf2",
                            "ingress.#": "0",
                            "name": "prod-admin-instance",
                            "owner_id": "403612517204",
                            "tags.%": "5",
                            "tags.Name": "prod-admin-instance",
                            "tags.account_name": "jive-infra-prod",
                            "tags.pipeline_phase": "prod",
                            "tags.region": "us-east-1",
                            "tags.sla": "non-prod",
                            "vpc_id": "vpc-99e77ae0"
                        },
                        "meta": {},
                        "tainted": false
                    },
                    "deposed": [],
                    "provider": ""
                },
                "aws_security_group.env_instance": {
                    "type": "aws_security_group",
                    "depends_on": [
                        "aws_vpc.main",
                        "data.aws_security_group.bastion"
                    ],
                    "primary": {
                        "id": "sg-82a4ddf3",
                        "attributes": {
                            "description": "All instances within the evironment",
                            "egress.#": "1",
                            "egress.482069346.cidr_blocks.#": "1",
                            "egress.482069346.cidr_blocks.0": "0.0.0.0/0",
                            "egress.482069346.from_port": "0",
                            "egress.482069346.ipv6_cidr_blocks.#": "0",
                            "egress.482069346.prefix_list_ids.#": "0",
                            "egress.482069346.protocol": "-1",
                            "egress.482069346.security_groups.#": "0",
                            "egress.482069346.self": "false",
                            "egress.482069346.to_port": "0",
                            "id": "sg-82a4ddf3",
                            "ingress.#": "3",
                            "ingress.2660479350.cidr_blocks.#": "0",
                            "ingress.2660479350.from_port": "22",
                            "ingress.2660479350.ipv6_cidr_blocks.#": "0",
                            "ingress.2660479350.protocol": "tcp",
                            "ingress.2660479350.security_groups.#": "1",
                            "ingress.2660479350.security_groups.2751421942": "sg-b9235ec8",
                            "ingress.2660479350.self": "false",
                            "ingress.2660479350.to_port": "22",
                            "ingress.3280021429.cidr_blocks.#": "1",
                            "ingress.3280021429.cidr_blocks.0": "10.0.0.0/8",
                            "ingress.3280021429.from_port": "8",
                            "ingress.3280021429.ipv6_cidr_blocks.#": "0",
                            "ingress.3280021429.protocol": "icmp",
                            "ingress.3280021429.security_groups.#": "0",
                            "ingress.3280021429.self": "false",
                            "ingress.3280021429.to_port": "0",
                            "ingress.602369749.cidr_blocks.#": "0",
                            "ingress.602369749.from_port": "8",
                            "ingress.602369749.ipv6_cidr_blocks.#": "0",
                            "ingress.602369749.protocol": "icmp",
                            "ingress.602369749.security_groups.#": "1",
                            "ingress.602369749.security_groups.2751421942": "sg-b9235ec8",
                            "ingress.602369749.self": "false",
                            "ingress.602369749.to_port": "0",
                            "name": "prod-instance",
                            "owner_id": "403612517204",
                            "tags.%": "5",
                            "tags.Name": "prod-instance",
                            "tags.account_name": "jive-infra-prod",
                            "tags.pipeline_phase": "prod",
                            "tags.region": "us-east-1",
                            "tags.sla": "non-prod",
                            "vpc_id": "vpc-99e77ae0"
                        },
                        "meta": {},
                        "tainted": false
                    },
                    "deposed": [],
                    "provider": ""
                },
                "aws_security_group.natgw_instance": {
                    "type": "aws_security_group",
                    "depends_on": [
                        "aws_security_group.env_instance",
                        "aws_vpc.main"
                    ],
                    "primary": {
                        "id": "sg-4893ea39",
                        "attributes": {
                            "description": "Members of this SG are allowed to send any type of traffic to the NAT Box.",
                            "egress.#": "0",
                            "id": "sg-4893ea39",
                            "ingress.#": "1",
                            "ingress.806782370.cidr_blocks.#": "0",
                            "ingress.806782370.from_port": "0",
                            "ingress.806782370.ipv6_cidr_blocks.#": "0",
                            "ingress.806782370.protocol": "-1",
                            "ingress.806782370.security_groups.#": "1",
                            "ingress.806782370.security_groups.3320999798": "sg-82a4ddf3",
                            "ingress.806782370.self": "false",
                            "ingress.806782370.to_port": "0",
                            "name": "prod-natgw-instance",
                            "owner_id": "403612517204",
                            "tags.%": "5",
                            "tags.Name": "prod-natgw-instance",
                            "tags.account_name": "jive-infra-prod",
                            "tags.pipeline_phase": "prod",
                            "tags.region": "us-east-1",
                            "tags.sla": "non-prod",
                            "vpc_id": "vpc-99e77ae0"
                        },
                        "meta": {},
                        "tainted": false
                    },
                    "deposed": [],
                    "provider": ""
                },
                "aws_subnet.natdc.0": {
                    "type": "aws_subnet",
                    "depends_on": [
                        "aws_vpc.main"
                    ],
                    "primary": {
                        "id": "subnet-44f9b50c",
                        "attributes": {
                            "assign_ipv6_address_on_creation": "false",
                            "availability_zone": "us-east-1a",
                            "cidr_block": "10.124.80.0/23",
                            "id": "subnet-44f9b50c",
                            "map_public_ip_on_launch": "false",
                            "tags.%": "7",
                            "tags.KubernetesCluster": "us-east-1_jive-infra-prod",
                            "tags.Name": "prod-natdc-subnet",
                            "tags.account_name": "jive-infra-prod",
                            "tags.kubernetes.io/role/internal-elb": "us-east-1_jive-infra-prod",
                            "tags.pipeline_phase": "prod",
                            "tags.region": "us-east-1",
                            "tags.sla": "non-prod",
                            "vpc_id": "vpc-99e77ae0"
                        },
                        "meta": {
                            "schema_version": "1"
                        },
                        "tainted": false
                    },
                    "deposed": [],
                    "provider": ""
                },
                "aws_subnet.natdc.1": {
                    "type": "aws_subnet",
                    "depends_on": [
                        "aws_vpc.main"
                    ],
                    "primary": {
                        "id": "subnet-ad5cd0f7",
                        "attributes": {
                            "assign_ipv6_address_on_creation": "false",
                            "availability_zone": "us-east-1b",
                            "cidr_block": "10.124.82.0/23",
                            "id": "subnet-ad5cd0f7",
                            "map_public_ip_on_launch": "false",
                            "tags.%": "7",
                            "tags.KubernetesCluster": "us-east-1_jive-infra-prod",
                            "tags.Name": "prod-natdc-subnet",
                            "tags.account_name": "jive-infra-prod",
                            "tags.kubernetes.io/role/internal-elb": "us-east-1_jive-infra-prod",
                            "tags.pipeline_phase": "prod",
                            "tags.region": "us-east-1",
                            "tags.sla": "non-prod",
                            "vpc_id": "vpc-99e77ae0"
                        },
                        "meta": {
                            "schema_version": "1"
                        },
                        "tainted": false
                    },
                    "deposed": [],
                    "provider": ""
                },
                "aws_subnet.natdc.2": {
                    "type": "aws_subnet",
                    "depends_on": [
                        "aws_vpc.main"
                    ],
                    "primary": {
                        "id": "subnet-24ed0940",
                        "attributes": {
                            "assign_ipv6_address_on_creation": "false",
                            "availability_zone": "us-east-1c",
                            "cidr_block": "10.124.84.0/23",
                            "id": "subnet-24ed0940",
                            "map_public_ip_on_launch": "false",
                            "tags.%": "7",
                            "tags.KubernetesCluster": "us-east-1_jive-infra-prod",
                            "tags.Name": "prod-natdc-subnet",
                            "tags.account_name": "jive-infra-prod",
                            "tags.kubernetes.io/role/internal-elb": "us-east-1_jive-infra-prod",
                            "tags.pipeline_phase": "prod",
                            "tags.region": "us-east-1",
                            "tags.sla": "non-prod",
                            "vpc_id": "vpc-99e77ae0"
                        },
                        "meta": {
                            "schema_version": "1"
                        },
                        "tainted": false
                    },
                    "deposed": [],
                    "provider": ""
                },
                "aws_subnet.natdc.3": {
                    "type": "aws_subnet",
                    "depends_on": [
                        "aws_vpc.main"
                    ],
                    "primary": {
                        "id": "subnet-9c8f1bb0",
                        "attributes": {
                            "assign_ipv6_address_on_creation": "false",
                            "availability_zone": "us-east-1d",
                            "cidr_block": "10.124.86.0/23",
                            "id": "subnet-9c8f1bb0",
                            "map_public_ip_on_launch": "false",
                            "tags.%": "7",
                            "tags.KubernetesCluster": "us-east-1_jive-infra-prod",
                            "tags.Name": "prod-natdc-subnet",
                            "tags.account_name": "jive-infra-prod",
                            "tags.kubernetes.io/role/internal-elb": "us-east-1_jive-infra-prod",
                            "tags.pipeline_phase": "prod",
                            "tags.region": "us-east-1",
                            "tags.sla": "non-prod",
                            "vpc_id": "vpc-99e77ae0"
                        },
                        "meta": {
                            "schema_version": "1"
                        },
                        "tainted": false
                    },
                    "deposed": [],
                    "provider": ""
                },
                "aws_subnet.natdc.4": {
                    "type": "aws_subnet",
                    "depends_on": [
                        "aws_vpc.main"
                    ],
                    "primary": {
                        "id": "subnet-f47b7dc8",
                        "attributes": {
                            "assign_ipv6_address_on_creation": "false",
                            "availability_zone": "us-east-1e",
                            "cidr_block": "10.124.88.0/23",
                            "id": "subnet-f47b7dc8",
                            "map_public_ip_on_launch": "false",
                            "tags.%": "7",
                            "tags.KubernetesCluster": "us-east-1_jive-infra-prod",
                            "tags.Name": "prod-natdc-subnet",
                            "tags.account_name": "jive-infra-prod",
                            "tags.kubernetes.io/role/internal-elb": "us-east-1_jive-infra-prod",
                            "tags.pipeline_phase": "prod",
                            "tags.region": "us-east-1",
                            "tags.sla": "non-prod",
                            "vpc_id": "vpc-99e77ae0"
                        },
                        "meta": {
                            "schema_version": "1"
                        },
                        "tainted": false
                    },
                    "deposed": [],
                    "provider": ""
                },
                "aws_subnet.private.0": {
                    "type": "aws_subnet",
                    "depends_on": [
                        "aws_vpc.main"
                    ],
                    "primary": {
                        "id": "subnet-65e0ac2d",
                        "attributes": {
                            "assign_ipv6_address_on_creation": "false",
                            "availability_zone": "us-east-1a",
                            "cidr_block": "10.124.92.128/25",
                            "id": "subnet-65e0ac2d",
                            "map_public_ip_on_launch": "false",
                            "tags.%": "5",
                            "tags.Name": "prod-private-subnet",
                            "tags.account_name": "jive-infra-prod",
                            "tags.pipeline_phase": "prod",
                            "tags.region": "us-east-1",
                            "tags.sla": "non-prod",
                            "vpc_id": "vpc-99e77ae0"
                        },
                        "meta": {
                            "schema_version": "1"
                        },
                        "tainted": false
                    },
                    "deposed": [],
                    "provider": ""
                },
                "aws_subnet.private.1": {
                    "type": "aws_subnet",
                    "depends_on": [
                        "aws_vpc.main"
                    ],
                    "primary": {
                        "id": "subnet-2e43cf74",
                        "attributes": {
                            "assign_ipv6_address_on_creation": "false",
                            "availability_zone": "us-east-1b",
                            "cidr_block": "10.124.93.0/25",
                            "id": "subnet-2e43cf74",
                            "map_public_ip_on_launch": "false",
                            "tags.%": "5",
                            "tags.Name": "prod-private-subnet",
                            "tags.account_name": "jive-infra-prod",
                            "tags.pipeline_phase": "prod",
                            "tags.region": "us-east-1",
                            "tags.sla": "non-prod",
                            "vpc_id": "vpc-99e77ae0"
                        },
                        "meta": {
                            "schema_version": "1"
                        },
                        "tainted": false
                    },
                    "deposed": [],
                    "provider": ""
                },
                "aws_subnet.private.2": {
                    "type": "aws_subnet",
                    "depends_on": [
                        "aws_vpc.main"
                    ],
                    "primary": {
                        "id": "subnet-48f4102c",
                        "attributes": {
                            "assign_ipv6_address_on_creation": "false",
                            "availability_zone": "us-east-1c",
                            "cidr_block": "10.124.93.128/25",
                            "id": "subnet-48f4102c",
                            "map_public_ip_on_launch": "false",
                            "tags.%": "5",
                            "tags.Name": "prod-private-subnet",
                            "tags.account_name": "jive-infra-prod",
                            "tags.pipeline_phase": "prod",
                            "tags.region": "us-east-1",
                            "tags.sla": "non-prod",
                            "vpc_id": "vpc-99e77ae0"
                        },
                        "meta": {
                            "schema_version": "1"
                        },
                        "tainted": false
                    },
                    "deposed": [],
                    "provider": ""
                },
                "aws_subnet.private.3": {
                    "type": "aws_subnet",
                    "depends_on": [
                        "aws_vpc.main"
                    ],
                    "primary": {
                        "id": "subnet-e5b521c9",
                        "attributes": {
                            "assign_ipv6_address_on_creation": "false",
                            "availability_zone": "us-east-1d",
                            "cidr_block": "10.124.94.0/25",
                            "id": "subnet-e5b521c9",
                            "map_public_ip_on_launch": "false",
                            "tags.%": "5",
                            "tags.Name": "prod-private-subnet",
                            "tags.account_name": "jive-infra-prod",
                            "tags.pipeline_phase": "prod",
                            "tags.region": "us-east-1",
                            "tags.sla": "non-prod",
                            "vpc_id": "vpc-99e77ae0"
                        },
                        "meta": {
                            "schema_version": "1"
                        },
                        "tainted": false
                    },
                    "deposed": [],
                    "provider": ""
                },
                "aws_subnet.private.4": {
                    "type": "aws_subnet",
                    "depends_on": [
                        "aws_vpc.main"
                    ],
                    "primary": {
                        "id": "subnet-3d040201",
                        "attributes": {
                            "assign_ipv6_address_on_creation": "false",
                            "availability_zone": "us-east-1e",
                            "cidr_block": "10.124.94.128/25",
                            "id": "subnet-3d040201",
                            "map_public_ip_on_launch": "false",
                            "tags.%": "5",
                            "tags.Name": "prod-private-subnet",
                            "tags.account_name": "jive-infra-prod",
                            "tags.pipeline_phase": "prod",
                            "tags.region": "us-east-1",
                            "tags.sla": "non-prod",
                            "vpc_id": "vpc-99e77ae0"
                        },
                        "meta": {
                            "schema_version": "1"
                        },
                        "tainted": false
                    },
                    "deposed": [],
                    "provider": ""
                },
                "aws_subnet.public.0": {
                    "type": "aws_subnet",
                    "depends_on": [
                        "aws_vpc.main"
                    ],
                    "primary": {
                        "id": "subnet-75e6aa3d",
                        "attributes": {
                            "assign_ipv6_address_on_creation": "false",
                            "availability_zone": "us-east-1a",
                            "cidr_block": "10.124.90.0/25",
                            "id": "subnet-75e6aa3d",
                            "map_public_ip_on_launch": "false",
                            "tags.%": "6",
                            "tags.KubernetesCluster": "us-east-1_jive-infra-prod",
                            "tags.Name": "prod-public-subnet",
                            "tags.account_name": "jive-infra-prod",
                            "tags.pipeline_phase": "prod",
                            "tags.region": "us-east-1",
                            "tags.sla": "non-prod",
                            "vpc_id": "vpc-99e77ae0"
                        },
                        "meta": {
                            "schema_version": "1"
                        },
                        "tainted": false
                    },
                    "deposed": [],
                    "provider": ""
                },
                "aws_subnet.public.1": {
                    "type": "aws_subnet",
                    "depends_on": [
                        "aws_vpc.main"
                    ],
                    "primary": {
                        "id": "subnet-4458d41e",
                        "attributes": {
                            "assign_ipv6_address_on_creation": "false",
                            "availability_zone": "us-east-1b",
                            "cidr_block": "10.124.90.128/25",
                            "id": "subnet-4458d41e",
                            "map_public_ip_on_launch": "false",
                            "tags.%": "6",
                            "tags.KubernetesCluster": "us-east-1_jive-infra-prod",
                            "tags.Name": "prod-public-subnet",
                            "tags.account_name": "jive-infra-prod",
                            "tags.pipeline_phase": "prod",
                            "tags.region": "us-east-1",
                            "tags.sla": "non-prod",
                            "vpc_id": "vpc-99e77ae0"
                        },
                        "meta": {
                            "schema_version": "1"
                        },
                        "tainted": false
                    },
                    "deposed": [],
                    "provider": ""
                },
                "aws_subnet.public.2": {
                    "type": "aws_subnet",
                    "depends_on": [
                        "aws_vpc.main"
                    ],
                    "primary": {
                        "id": "subnet-baef0bde",
                        "attributes": {
                            "assign_ipv6_address_on_creation": "false",
                            "availability_zone": "us-east-1c",
                            "cidr_block": "10.124.91.0/25",
                            "id": "subnet-baef0bde",
                            "map_public_ip_on_launch": "false",
                            "tags.%": "6",
                            "tags.KubernetesCluster": "us-east-1_jive-infra-prod",
                            "tags.Name": "prod-public-subnet",
                            "tags.account_name": "jive-infra-prod",
                            "tags.pipeline_phase": "prod",
                            "tags.region": "us-east-1",
                            "tags.sla": "non-prod",
                            "vpc_id": "vpc-99e77ae0"
                        },
                        "meta": {
                            "schema_version": "1"
                        },
                        "tainted": false
                    },
                    "deposed": [],
                    "provider": ""
                },
                "aws_subnet.public.3": {
                    "type": "aws_subnet",
                    "depends_on": [
                        "aws_vpc.main"
                    ],
                    "primary": {
                        "id": "subnet-08891d24",
                        "attributes": {
                            "assign_ipv6_address_on_creation": "false",
                            "availability_zone": "us-east-1d",
                            "cidr_block": "10.124.91.128/25",
                            "id": "subnet-08891d24",
                            "map_public_ip_on_launch": "false",
                            "tags.%": "6",
                            "tags.KubernetesCluster": "us-east-1_jive-infra-prod",
                            "tags.Name": "prod-public-subnet",
                            "tags.account_name": "jive-infra-prod",
                            "tags.pipeline_phase": "prod",
                            "tags.region": "us-east-1",
                            "tags.sla": "non-prod",
                            "vpc_id": "vpc-99e77ae0"
                        },
                        "meta": {
                            "schema_version": "1"
                        },
                        "tainted": false
                    },
                    "deposed": [],
                    "provider": ""
                },
                "aws_subnet.public.4": {
                    "type": "aws_subnet",
                    "depends_on": [
                        "aws_vpc.main"
                    ],
                    "primary": {
                        "id": "subnet-777b7d4b",
                        "attributes": {
                            "assign_ipv6_address_on_creation": "false",
                            "availability_zone": "us-east-1e",
                            "cidr_block": "10.124.92.0/25",
                            "id": "subnet-777b7d4b",
                            "map_public_ip_on_launch": "false",
                            "tags.%": "6",
                            "tags.KubernetesCluster": "us-east-1_jive-infra-prod",
                            "tags.Name": "prod-public-subnet",
                            "tags.account_name": "jive-infra-prod",
                            "tags.pipeline_phase": "prod",
                            "tags.region": "us-east-1",
                            "tags.sla": "non-prod",
                            "vpc_id": "vpc-99e77ae0"
                        },
                        "meta": {
                            "schema_version": "1"
                        },
                        "tainted": false
                    },
                    "deposed": [],
                    "provider": ""
                },
                "aws_vpc.main": {
                    "type": "aws_vpc",
                    "depends_on": [],
                    "primary": {
                        "id": "vpc-99e77ae0",
                        "attributes": {
                            "assign_generated_ipv6_cidr_block": "false",
                            "cidr_block": "10.124.80.0/20",
                            "default_network_acl_id": "acl-72d3d70b",
                            "default_route_table_id": "rtb-f22e0e8a",
                            "default_security_group_id": "sg-4d9ae33c",
                            "dhcp_options_id": "dopt-19da047d",
                            "enable_classiclink": "false",
                            "enable_dns_hostnames": "true",
                            "enable_dns_support": "true",
                            "id": "vpc-99e77ae0",
                            "instance_tenancy": "default",
                            "main_route_table_id": "rtb-f22e0e8a",
                            "tags.%": "5",
                            "tags.Name": "prod-vpc",
                            "tags.account_name": "jive-infra-prod",
                            "tags.pipeline_phase": "prod",
                            "tags.region": "us-east-1",
                            "tags.sla": "non-prod"
                        },
                        "meta": {
                            "schema_version": "1"
                        },
                        "tainted": false
                    },
                    "deposed": [],
                    "provider": ""
                },
                "aws_vpc_peering_connection.infra": {
                    "type": "aws_vpc_peering_connection",
                    "depends_on": [
                        "aws_vpc.main"
                    ],
                    "primary": {
                        "id": "pcx-b4d3a2dd",
                        "attributes": {
                            "accept_status": "active",
                            "accepter.#": "1",
                            "accepter.3244290774.allow_classic_link_to_remote_vpc": "false",
                            "accepter.3244290774.allow_remote_vpc_dns_resolution": "false",
                            "accepter.3244290774.allow_vpc_to_remote_classic_link": "false",
                            "auto_accept": "true",
                            "id": "pcx-b4d3a2dd",
                            "peer_owner_id": "403612517204",
                            "peer_vpc_id": "vpc-4256c53b",
                            "requester.#": "1",
                            "requester.3244290774.allow_classic_link_to_remote_vpc": "false",
                            "requester.3244290774.allow_remote_vpc_dns_resolution": "false",
                            "requester.3244290774.allow_vpc_to_remote_classic_link": "false",
                            "tags.%": "5",
                            "tags.Name": "prod_to_infra-jive-infra-prod",
                            "tags.account_name": "jive-infra-prod",
                            "tags.pipeline_phase": "prod",
                            "tags.region": "us-east-1",
                            "tags.sla": "non-prod",
                            "vpc_id": "vpc-99e77ae0"
                        },
                        "meta": {},
                        "tainted": false
                    },
                    "deposed": [],
                    "provider": ""
                },
                "aws_vpn_connection.main": {
                    "type": "aws_vpn_connection",
                    "depends_on": [
                        "aws_vpn_gateway.vgw"
                    ],
                    "primary": {
                        "id": "vpn-824350e3",
                        "attributes": {
                            "customer_gateway_configuration": "\u003c?xml version=\"1.0\" encoding=\"UTF-8\"?\u003e\n\u003cvpn_connection id=\"vpn-824350e3\"\u003e\n  \u003ccustomer_gateway_id\u003ecgw-e5846f8c\u003c/customer_gateway_id\u003e\n  \u003cvpn_gateway_id\u003evgw-83b45fea\u003c/vpn_gateway_id\u003e\n  \u003cvpn_connection_type\u003eipsec.1\u003c/vpn_connection_type\u003e\n  \u003cipsec_tunnel\u003e\n    \u003ccustomer_gateway\u003e\n      \u003ctunnel_outside_address\u003e\n        \u003cip_address\u003e204.93.64.130\u003c/ip_address\u003e\n      \u003c/tunnel_outside_address\u003e\n      \u003ctunnel_inside_address\u003e\n        \u003cip_address\u003e169.254.45.50\u003c/ip_address\u003e\n        \u003cnetwork_mask\u003e255.255.255.252\u003c/network_mask\u003e\n        \u003cnetwork_cidr\u003e30\u003c/network_cidr\u003e\n      \u003c/tunnel_inside_address\u003e\n      \u003cbgp\u003e\n        \u003casn\u003e13364\u003c/asn\u003e\n        \u003chold_time\u003e30\u003c/hold_time\u003e\n      \u003c/bgp\u003e\n    \u003c/customer_gateway\u003e\n    \u003cvpn_gateway\u003e\n      \u003ctunnel_outside_address\u003e\n        \u003cip_address\u003e34.224.128.48\u003c/ip_address\u003e\n      \u003c/tunnel_outside_address\u003e\n      \u003ctunnel_inside_address\u003e\n        \u003cip_address\u003e169.254.45.49\u003c/ip_address\u003e\n        \u003cnetwork_mask\u003e255.255.255.252\u003c/network_mask\u003e\n        \u003cnetwork_cidr\u003e30\u003c/network_cidr\u003e\n      \u003c/tunnel_inside_address\u003e\n      \u003cbgp\u003e\n        \u003casn\u003e7224\u003c/asn\u003e\n        \u003chold_time\u003e30\u003c/hold_time\u003e\n      \u003c/bgp\u003e\n    \u003c/vpn_gateway\u003e\n    \u003cike\u003e\n      \u003cauthentication_protocol\u003esha1\u003c/authentication_protocol\u003e\n      \u003cencryption_protocol\u003eaes-128-cbc\u003c/encryption_protocol\u003e\n      \u003clifetime\u003e28800\u003c/lifetime\u003e\n      \u003cperfect_forward_secrecy\u003egroup2\u003c/perfect_forward_secrecy\u003e\n      \u003cmode\u003emain\u003c/mode\u003e\n      \u003cpre_shared_key\u003eBMT2QNy9ft2Ho98OWdy5r5WKHbclxqOX\u003c/pre_shared_key\u003e\n    \u003c/ike\u003e\n    \u003cipsec\u003e\n      \u003cprotocol\u003eesp\u003c/protocol\u003e\n      \u003cauthentication_protocol\u003ehmac-sha1-96\u003c/authentication_protocol\u003e\n      \u003cencryption_protocol\u003eaes-128-cbc\u003c/encryption_protocol\u003e\n      \u003clifetime\u003e3600\u003c/lifetime\u003e\n      \u003cperfect_forward_secrecy\u003egroup2\u003c/perfect_forward_secrecy\u003e\n      \u003cmode\u003etunnel\u003c/mode\u003e\n      \u003cclear_df_bit\u003etrue\u003c/clear_df_bit\u003e\n      \u003cfragmentation_before_encryption\u003etrue\u003c/fragmentation_before_encryption\u003e\n      \u003ctcp_mss_adjustment\u003e1379\u003c/tcp_mss_adjustment\u003e\n      \u003cdead_peer_detection\u003e\n        \u003cinterval\u003e10\u003c/interval\u003e\n        \u003cretries\u003e3\u003c/retries\u003e\n      \u003c/dead_peer_detection\u003e\n    \u003c/ipsec\u003e\n  \u003c/ipsec_tunnel\u003e\n  \u003cipsec_tunnel\u003e\n    \u003ccustomer_gateway\u003e\n      \u003ctunnel_outside_address\u003e\n        \u003cip_address\u003e204.93.64.130\u003c/ip_address\u003e\n      \u003c/tunnel_outside_address\u003e\n      \u003ctunnel_inside_address\u003e\n        \u003cip_address\u003e169.254.46.6\u003c/ip_address\u003e\n        \u003cnetwork_mask\u003e255.255.255.252\u003c/network_mask\u003e\n        \u003cnetwork_cidr\u003e30\u003c/network_cidr\u003e\n      \u003c/tunnel_inside_address\u003e\n      \u003cbgp\u003e\n        \u003casn\u003e13364\u003c/asn\u003e\n        \u003chold_time\u003e30\u003c/hold_time\u003e\n      \u003c/bgp\u003e\n    \u003c/customer_gateway\u003e\n    \u003cvpn_gateway\u003e\n      \u003ctunnel_outside_address\u003e\n        \u003cip_address\u003e34.228.123.78\u003c/ip_address\u003e\n      \u003c/tunnel_outside_address\u003e\n      \u003ctunnel_inside_address\u003e\n        \u003cip_address\u003e169.254.46.5\u003c/ip_address\u003e\n        \u003cnetwork_mask\u003e255.255.255.252\u003c/network_mask\u003e\n        \u003cnetwork_cidr\u003e30\u003c/network_cidr\u003e\n      \u003c/tunnel_inside_address\u003e\n      \u003cbgp\u003e\n        \u003casn\u003e7224\u003c/asn\u003e\n        \u003chold_time\u003e30\u003c/hold_time\u003e\n      \u003c/bgp\u003e\n    \u003c/vpn_gateway\u003e\n    \u003cike\u003e\n      \u003cauthentication_protocol\u003esha1\u003c/authentication_protocol\u003e\n      \u003cencryption_protocol\u003eaes-128-cbc\u003c/encryption_protocol\u003e\n      \u003clifetime\u003e28800\u003c/lifetime\u003e\n      \u003cperfect_forward_secrecy\u003egroup2\u003c/perfect_forward_secrecy\u003e\n      \u003cmode\u003emain\u003c/mode\u003e\n      \u003cpre_shared_key\u003e99fe29IECpP__P3VBI1TGj8geb8u6nlX\u003c/pre_shared_key\u003e\n    \u003c/ike\u003e\n    \u003cipsec\u003e\n      \u003cprotocol\u003eesp\u003c/protocol\u003e\n      \u003cauthentication_protocol\u003ehmac-sha1-96\u003c/authentication_protocol\u003e\n      \u003cencryption_protocol\u003eaes-128-cbc\u003c/encryption_protocol\u003e\n      \u003clifetime\u003e3600\u003c/lifetime\u003e\n      \u003cperfect_forward_secrecy\u003egroup2\u003c/perfect_forward_secrecy\u003e\n      \u003cmode\u003etunnel\u003c/mode\u003e\n      \u003cclear_df_bit\u003etrue\u003c/clear_df_bit\u003e\n      \u003cfragmentation_before_encryption\u003etrue\u003c/fragmentation_before_encryption\u003e\n      \u003ctcp_mss_adjustment\u003e1379\u003c/tcp_mss_adjustment\u003e\n      \u003cdead_peer_detection\u003e\n        \u003cinterval\u003e10\u003c/interval\u003e\n        \u003cretries\u003e3\u003c/retries\u003e\n      \u003c/dead_peer_detection\u003e\n    \u003c/ipsec\u003e\n  \u003c/ipsec_tunnel\u003e\n\u003c/vpn_connection\u003e",
                            "customer_gateway_id": "cgw-e5846f8c",
                            "id": "vpn-824350e3",
                            "routes.#": "0",
                            "static_routes_only": "false",
                            "tags.%": "5",
                            "tags.Name": "prod-phx-vpn",
                            "tags.account_name": "jive-infra-prod",
                            "tags.pipeline_phase": "prod",
                            "tags.region": "us-east-1",
                            "tags.sla": "non-prod",
                            "tunnel1_address": "34.224.128.48",
                            "tunnel1_preshared_key": "BMT2QNy9ft2Ho98OWdy5r5WKHbclxqOX",
                            "tunnel2_address": "34.228.123.78",
                            "tunnel2_preshared_key": "99fe29IECpP__P3VBI1TGj8geb8u6nlX",
                            "type": "ipsec.1",
                            "vgw_telemetry.#": "2",
                            "vgw_telemetry.1423267933.accepted_route_count": "0",
                            "vgw_telemetry.1423267933.last_status_change": "2017-07-13 17:28:49 +0000 UTC",
                            "vgw_telemetry.1423267933.outside_ip_address": "34.224.128.48",
                            "vgw_telemetry.1423267933.status": "DOWN",
                            "vgw_telemetry.1423267933.status_message": "IPSEC IS DOWN",
                            "vgw_telemetry.3346473985.accepted_route_count": "0",
                            "vgw_telemetry.3346473985.last_status_change": "2017-07-13 17:28:41 +0000 UTC",
                            "vgw_telemetry.3346473985.outside_ip_address": "34.228.123.78",
                            "vgw_telemetry.3346473985.status": "DOWN",
                            "vgw_telemetry.3346473985.status_message": "",
                            "vpn_gateway_id": "vgw-83b45fea"
                        },
                        "meta": {},
                        "tainted": false
                    },
                    "deposed": [],
                    "provider": ""
                },
                "aws_vpn_gateway.vgw": {
                    "type": "aws_vpn_gateway",
                    "depends_on": [
                        "aws_vpc.main"
                    ],
                    "primary": {
                        "id": "vgw-83b45fea",
                        "attributes": {
                            "id": "vgw-83b45fea",
                            "tags.%": "7",
                            "tags.Name": "prod-vgw",
                            "tags.account_name": "jive-infra-prod",
                            "tags.jive_service": "infrastructure",
                            "tags.pipeline_phase": "prod",
                            "tags.region": "us-east-1",
                            "tags.service_component": "vpn_gateway",
                            "tags.sla": "non-prod",
                            "vpc_id": "vpc-99e77ae0"
                        },
                        "meta": {},
                        "tainted": false
                    },
                    "deposed": [],
                    "provider": ""
                },
                "data.aws_security_group.bastion": {
                    "type": "aws_security_group",
                    "depends_on": [],
                    "primary": {
                        "id": "sg-b9235ec8",
                        "attributes": {
                            "filter.#": "1",
                            "filter.1988431066.name": "tag:jive_service",
                            "filter.1988431066.values.#": "1",
                            "filter.1988431066.values.2480389212": "infrastructure",
                            "id": "sg-b9235ec8",
                            "name": "infra-prod-jive-phx-dc",
                            "tags.%": "6",
                            "tags.Name": "infra-prod-jive-phx-dc",
                            "tags.account_name": "jive-infra-prod",
                            "tags.jive_service": "infrastructure",
                            "tags.pipeline_phase": "infra-prod",
                            "tags.region": "us-east-1",
                            "tags.sla": "prod",
                            "vpc_id": "vpc-4256c53b"
                        },
                        "meta": {},
                        "tainted": false
                    },
                    "deposed": [],
                    "provider": ""
                }
            },
            "depends_on": []
        }
    ]
}
