{
    "version": 3,
    "terraform_version": "0.9.4",
    "serial": 77,
    "lineage": "c61fc856-b238-476c-b048-22b704bc474d",
    "modules": [
        {
            "path": [
                "root"
            ],
            "outputs": {},
            "resources": {
                "aws_db_subnet_group.dbaas": {
                    "type": "aws_db_subnet_group",
                    "depends_on": [],
                    "primary": {
                        "id": "data-dbaas-ms-pipeline-group",
                        "attributes": {
                            "arn": "arn:aws:rds:us-west-2:811034720611:subgrp:data-dbaas-ms-pipeline-group",
                            "description": "Managed by Horizon",
                            "id": "data-dbaas-ms-pipeline-group",
                            "name": "data-dbaas-ms-pipeline-group",
                            "subnet_ids.#": "3",
                            "subnet_ids.2207110996": "subnet-ace1e0f5",
                            "subnet_ids.2471563134": "subnet-97fb0fe1",
                            "subnet_ids.4149756770": "subnet-ada073c9",
                            "tags.%": "7",
                            "tags.Name": "data-dbaas2-ms-pipeline-group",
                            "tags.account_name": "jive-microservices-pipeline",
                            "tags.jive_service": "microservices",
                            "tags.pipeline_phase": "pipeline",
                            "tags.region": "us-west-2",
                            "tags.service_component": "microservices-dbaas",
                            "tags.sla": "non-prod"
                        },
                        "meta": {},
                        "tainted": false
                    },
                    "deposed": [],
                    "provider": ""
                },
                "aws_eip.natgw.0": {
                    "type": "aws_eip",
                    "depends_on": [],
                    "primary": {
                        "id": "eipalloc-bf5ce3db",
                        "attributes": {
                            "association_id": "eipassoc-850878bf",
                            "domain": "vpc",
                            "id": "eipalloc-bf5ce3db",
                            "instance": "",
                            "network_interface": "eni-cd626be5",
                            "private_ip": "10.124.12.25",
                            "public_ip": "52.38.171.36",
                            "vpc": "true"
                        },
                        "meta": {},
                        "tainted": false
                    },
                    "deposed": [],
                    "provider": ""
                },
                "aws_eip.natgw.1": {
                    "type": "aws_eip",
                    "depends_on": [],
                    "primary": {
                        "id": "eipalloc-7ddd4447",
                        "attributes": {
                            "association_id": "eipassoc-7405754e",
                            "domain": "vpc",
                            "id": "eipalloc-7ddd4447",
                            "instance": "",
                            "network_interface": "eni-d2361fe8",
                            "private_ip": "10.124.12.221",
                            "public_ip": "34.208.75.18",
                            "vpc": "true"
                        },
                        "meta": {},
                        "tainted": false
                    },
                    "deposed": [],
                    "provider": ""
                },
                "aws_eip.natgw.2": {
                    "type": "aws_eip",
                    "depends_on": [],
                    "primary": {
                        "id": "eipalloc-02d84138",
                        "attributes": {
                            "association_id": "eipassoc-1d047427",
                            "domain": "vpc",
                            "id": "eipalloc-02d84138",
                            "instance": "",
                            "network_interface": "eni-e86c12e4",
                            "private_ip": "10.124.13.37",
                            "public_ip": "52.11.66.106",
                            "vpc": "true"
                        },
                        "meta": {},
                        "tainted": false
                    },
                    "deposed": [],
                    "provider": ""
                },
                "aws_internet_gateway.igw": {
                    "type": "aws_internet_gateway",
                    "depends_on": [
                        "aws_vpc.main"
                    ],
                    "primary": {
                        "id": "igw-801a38e5",
                        "attributes": {
                            "id": "igw-801a38e5",
                            "tags.%": "5",
                            "tags.Name": "pipeline-igw",
                            "tags.account_name": "jive-microservices-pipeline",
                            "tags.pipeline_phase": "pipeline",
                            "tags.region": "us-west-2",
                            "tags.sla": "non-prod",
                            "vpc_id": "vpc-895e96ed"
                        },
                        "meta": {},
                        "tainted": false
                    },
                    "deposed": [],
                    "provider": ""
                },
                "aws_nat_gateway.natgw.0": {
                    "type": "aws_nat_gateway",
                    "depends_on": [
                        "aws_eip.natgw.*",
                        "aws_internet_gateway.igw",
                        "aws_subnet.public.*"
                    ],
                    "primary": {
                        "id": "nat-011f1aed9ca832dc8",
                        "attributes": {
                            "allocation_id": "eipalloc-bf5ce3db",
                            "id": "nat-011f1aed9ca832dc8",
                            "network_interface_id": "eni-cd626be5",
                            "private_ip": "10.124.12.25",
                            "public_ip": "52.38.171.36",
                            "subnet_id": "subnet-a3a073c7"
                        },
                        "meta": {},
                        "tainted": false
                    },
                    "deposed": [],
                    "provider": ""
                },
                "aws_nat_gateway.natgw.1": {
                    "type": "aws_nat_gateway",
                    "depends_on": [
                        "aws_eip.natgw.*",
                        "aws_internet_gateway.igw",
                        "aws_subnet.public.*"
                    ],
                    "primary": {
                        "id": "nat-05f23fc4f2fcf0af9",
                        "attributes": {
                            "allocation_id": "eipalloc-7ddd4447",
                            "id": "nat-05f23fc4f2fcf0af9",
                            "network_interface_id": "eni-d2361fe8",
                            "private_ip": "10.124.12.221",
                            "public_ip": "34.208.75.18",
                            "subnet_id": "subnet-94fb0fe2"
                        },
                        "meta": {},
                        "tainted": false
                    },
                    "deposed": [],
                    "provider": ""
                },
                "aws_nat_gateway.natgw.2": {
                    "type": "aws_nat_gateway",
                    "depends_on": [
                        "aws_eip.natgw.*",
                        "aws_internet_gateway.igw",
                        "aws_subnet.public.*"
                    ],
                    "primary": {
                        "id": "nat-0e8a3edb5ebe79fc4",
                        "attributes": {
                            "allocation_id": "eipalloc-02d84138",
                            "id": "nat-0e8a3edb5ebe79fc4",
                            "network_interface_id": "eni-e86c12e4",
                            "private_ip": "10.124.13.37",
                            "public_ip": "52.11.66.106",
                            "subnet_id": "subnet-abe1e0f2"
                        },
                        "meta": {},
                        "tainted": false
                    },
                    "deposed": [],
                    "provider": ""
                },
                "aws_route.bastion_natdc.0": {
                    "type": "aws_route",
                    "depends_on": [
                        "aws_route_table.natdc.*",
                        "aws_vpc_peering_connection.infra"
                    ],
                    "primary": {
                        "id": "r-rtb-6c7fca083003448856",
                        "attributes": {
                            "destination_cidr_block": "10.127.30.7/32",
                            "destination_prefix_list_id": "",
                            "egress_only_gateway_id": "",
                            "gateway_id": "",
                            "id": "r-rtb-6c7fca083003448856",
                            "instance_id": "",
                            "instance_owner_id": "",
                            "nat_gateway_id": "",
                            "network_interface_id": "",
                            "origin": "CreateRoute",
                            "route_table_id": "rtb-6c7fca08",
                            "state": "active",
                            "vpc_peering_connection_id": "pcx-da4be9b3"
                        },
                        "meta": {},
                        "tainted": false
                    },
                    "deposed": [],
                    "provider": ""
                },
                "aws_route.bastion_natdc.1": {
                    "type": "aws_route",
                    "depends_on": [
                        "aws_route_table.natdc.*",
                        "aws_vpc_peering_connection.infra"
                    ],
                    "primary": {
                        "id": "r-rtb-ae964ac83003448856",
                        "attributes": {
                            "destination_cidr_block": "10.127.30.7/32",
                            "destination_prefix_list_id": "",
                            "egress_only_gateway_id": "",
                            "gateway_id": "",
                            "id": "r-rtb-ae964ac83003448856",
                            "instance_id": "",
                            "instance_owner_id": "",
                            "nat_gateway_id": "",
                            "network_interface_id": "",
                            "origin": "CreateRoute",
                            "route_table_id": "rtb-ae964ac8",
                            "state": "active",
                            "vpc_peering_connection_id": "pcx-da4be9b3"
                        },
                        "meta": {},
                        "tainted": false
                    },
                    "deposed": [],
                    "provider": ""
                },
                "aws_route.bastion_natdc.2": {
                    "type": "aws_route",
                    "depends_on": [
                        "aws_route_table.natdc.*",
                        "aws_vpc_peering_connection.infra"
                    ],
                    "primary": {
                        "id": "r-rtb-609b47063003448856",
                        "attributes": {
                            "destination_cidr_block": "10.127.30.7/32",
                            "destination_prefix_list_id": "",
                            "egress_only_gateway_id": "",
                            "gateway_id": "",
                            "id": "r-rtb-609b47063003448856",
                            "instance_id": "",
                            "instance_owner_id": "",
                            "nat_gateway_id": "",
                            "network_interface_id": "",
                            "origin": "CreateRoute",
                            "route_table_id": "rtb-609b4706",
                            "state": "active",
                            "vpc_peering_connection_id": "pcx-da4be9b3"
                        },
                        "meta": {},
                        "tainted": false
                    },
                    "deposed": [],
                    "provider": ""
                },
                "aws_route.bastion_private": {
                    "type": "aws_route",
                    "depends_on": [
                        "aws_route_table.private",
                        "aws_vpc_peering_connection.infra"
                    ],
                    "primary": {
                        "id": "r-rtb-627fca063003448856",
                        "attributes": {
                            "destination_cidr_block": "10.127.30.7/32",
                            "destination_prefix_list_id": "",
                            "egress_only_gateway_id": "",
                            "gateway_id": "",
                            "id": "r-rtb-627fca063003448856",
                            "instance_id": "",
                            "instance_owner_id": "",
                            "nat_gateway_id": "",
                            "network_interface_id": "",
                            "origin": "CreateRoute",
                            "route_table_id": "rtb-627fca06",
                            "state": "active",
                            "vpc_peering_connection_id": "pcx-da4be9b3"
                        },
                        "meta": {},
                        "tainted": false
                    },
                    "deposed": [],
                    "provider": ""
                },
                "aws_route.bastion_public": {
                    "type": "aws_route",
                    "depends_on": [
                        "aws_route_table.public",
                        "aws_vpc_peering_connection.infra"
                    ],
                    "primary": {
                        "id": "r-rtb-637fca073003448856",
                        "attributes": {
                            "destination_cidr_block": "10.127.30.7/32",
                            "destination_prefix_list_id": "",
                            "egress_only_gateway_id": "",
                            "gateway_id": "",
                            "id": "r-rtb-637fca073003448856",
                            "instance_id": "",
                            "instance_owner_id": "",
                            "nat_gateway_id": "",
                            "network_interface_id": "",
                            "origin": "CreateRoute",
                            "route_table_id": "rtb-637fca07",
                            "state": "active",
                            "vpc_peering_connection_id": "pcx-da4be9b3"
                        },
                        "meta": {},
                        "tainted": false
                    },
                    "deposed": [],
                    "provider": ""
                },
                "aws_route.bikou_vpc_natdc.0": {
                    "type": "aws_route",
                    "depends_on": [
                        "aws_route_table.natdc.*",
                        "aws_vpc_peering_connection.bikou"
                    ],
                    "primary": {
                        "id": "r-rtb-6c7fca084095544594",
                        "attributes": {
                            "destination_cidr_block": "10.121.0.0/16",
                            "destination_prefix_list_id": "",
                            "egress_only_gateway_id": "",
                            "gateway_id": "",
                            "id": "r-rtb-6c7fca084095544594",
                            "instance_id": "",
                            "instance_owner_id": "",
                            "nat_gateway_id": "",
                            "network_interface_id": "",
                            "origin": "CreateRoute",
                            "route_table_id": "rtb-6c7fca08",
                            "state": "active",
                            "vpc_peering_connection_id": "pcx-79199110"
                        },
                        "meta": {},
                        "tainted": false
                    },
                    "deposed": [],
                    "provider": ""
                },
                "aws_route.bikou_vpc_natdc.1": {
                    "type": "aws_route",
                    "depends_on": [
                        "aws_route_table.natdc.*",
                        "aws_vpc_peering_connection.bikou"
                    ],
                    "primary": {
                        "id": "r-rtb-ae964ac84095544594",
                        "attributes": {
                            "destination_cidr_block": "10.121.0.0/16",
                            "destination_prefix_list_id": "",
                            "egress_only_gateway_id": "",
                            "gateway_id": "",
                            "id": "r-rtb-ae964ac84095544594",
                            "instance_id": "",
                            "instance_owner_id": "",
                            "nat_gateway_id": "",
                            "network_interface_id": "",
                            "origin": "CreateRoute",
                            "route_table_id": "rtb-ae964ac8",
                            "state": "active",
                            "vpc_peering_connection_id": "pcx-79199110"
                        },
                        "meta": {},
                        "tainted": false
                    },
                    "deposed": [],
                    "provider": ""
                },
                "aws_route.bikou_vpc_natdc.2": {
                    "type": "aws_route",
                    "depends_on": [
                        "aws_route_table.natdc.*",
                        "aws_vpc_peering_connection.bikou"
                    ],
                    "primary": {
                        "id": "r-rtb-609b47064095544594",
                        "attributes": {
                            "destination_cidr_block": "10.121.0.0/16",
                            "destination_prefix_list_id": "",
                            "egress_only_gateway_id": "",
                            "gateway_id": "",
                            "id": "r-rtb-609b47064095544594",
                            "instance_id": "",
                            "instance_owner_id": "",
                            "nat_gateway_id": "",
                            "network_interface_id": "",
                            "origin": "CreateRoute",
                            "route_table_id": "rtb-609b4706",
                            "state": "active",
                            "vpc_peering_connection_id": "pcx-79199110"
                        },
                        "meta": {},
                        "tainted": false
                    },
                    "deposed": [],
                    "provider": ""
                },
                "aws_route.data_integ_vpc_natdc.0": {
                    "type": "aws_route",
                    "depends_on": [
                        "aws_route_table.natdc.*",
                        "aws_vpc_peering_connection.data_integ"
                    ],
                    "primary": {
                        "id": "r-rtb-6c7fca081137711631",
                        "attributes": {
                            "destination_cidr_block": "10.123.48.0/22",
                            "destination_prefix_list_id": "",
                            "egress_only_gateway_id": "",
                            "gateway_id": "",
                            "id": "r-rtb-6c7fca081137711631",
                            "instance_id": "",
                            "instance_owner_id": "",
                            "nat_gateway_id": "",
                            "network_interface_id": "",
                            "origin": "CreateRoute",
                            "route_table_id": "rtb-6c7fca08",
                            "state": "active",
                            "vpc_peering_connection_id": "pcx-3299285b"
                        },
                        "meta": {},
                        "tainted": false
                    },
                    "deposed": [],
                    "provider": ""
                },
                "aws_route.data_integ_vpc_natdc.1": {
                    "type": "aws_route",
                    "depends_on": [
                        "aws_route_table.natdc.*",
                        "aws_vpc_peering_connection.data_integ"
                    ],
                    "primary": {
                        "id": "r-rtb-ae964ac81137711631",
                        "attributes": {
                            "destination_cidr_block": "10.123.48.0/22",
                            "destination_prefix_list_id": "",
                            "egress_only_gateway_id": "",
                            "gateway_id": "",
                            "id": "r-rtb-ae964ac81137711631",
                            "instance_id": "",
                            "instance_owner_id": "",
                            "nat_gateway_id": "",
                            "network_interface_id": "",
                            "origin": "CreateRoute",
                            "route_table_id": "rtb-ae964ac8",
                            "state": "active",
                            "vpc_peering_connection_id": "pcx-3299285b"
                        },
                        "meta": {},
                        "tainted": false
                    },
                    "deposed": [],
                    "provider": ""
                },
                "aws_route.data_integ_vpc_natdc.2": {
                    "type": "aws_route",
                    "depends_on": [
                        "aws_route_table.natdc.*",
                        "aws_vpc_peering_connection.data_integ"
                    ],
                    "primary": {
                        "id": "r-rtb-609b47061137711631",
                        "attributes": {
                            "destination_cidr_block": "10.123.48.0/22",
                            "destination_prefix_list_id": "",
                            "egress_only_gateway_id": "",
                            "gateway_id": "",
                            "id": "r-rtb-609b47061137711631",
                            "instance_id": "",
                            "instance_owner_id": "",
                            "nat_gateway_id": "",
                            "network_interface_id": "",
                            "origin": "CreateRoute",
                            "route_table_id": "rtb-609b4706",
                            "state": "active",
                            "vpc_peering_connection_id": "pcx-3299285b"
                        },
                        "meta": {},
                        "tainted": false
                    },
                    "deposed": [],
                    "provider": ""
                },
                "aws_route.data_integ_vpc_private": {
                    "type": "aws_route",
                    "depends_on": [
                        "aws_route_table.private",
                        "aws_vpc_peering_connection.data_integ"
                    ],
                    "primary": {
                        "id": "r-rtb-627fca061137711631",
                        "attributes": {
                            "destination_cidr_block": "10.123.48.0/22",
                            "destination_prefix_list_id": "",
                            "egress_only_gateway_id": "",
                            "gateway_id": "",
                            "id": "r-rtb-627fca061137711631",
                            "instance_id": "",
                            "instance_owner_id": "",
                            "nat_gateway_id": "",
                            "network_interface_id": "",
                            "origin": "CreateRoute",
                            "route_table_id": "rtb-627fca06",
                            "state": "active",
                            "vpc_peering_connection_id": "pcx-3299285b"
                        },
                        "meta": {},
                        "tainted": false
                    },
                    "deposed": [],
                    "provider": ""
                },
                "aws_route.data_integ_vpc_public": {
                    "type": "aws_route",
                    "depends_on": [
                        "aws_route_table.public",
                        "aws_vpc_peering_connection.data_integ"
                    ],
                    "primary": {
                        "id": "r-rtb-637fca071137711631",
                        "attributes": {
                            "destination_cidr_block": "10.123.48.0/22",
                            "destination_prefix_list_id": "",
                            "egress_only_gateway_id": "",
                            "gateway_id": "",
                            "id": "r-rtb-637fca071137711631",
                            "instance_id": "",
                            "instance_owner_id": "",
                            "nat_gateway_id": "",
                            "network_interface_id": "",
                            "origin": "CreateRoute",
                            "route_table_id": "rtb-637fca07",
                            "state": "active",
                            "vpc_peering_connection_id": "pcx-3299285b"
                        },
                        "meta": {},
                        "tainted": false
                    },
                    "deposed": [],
                    "provider": ""
                },
                "aws_route.data_release_vpc_natdc.0": {
                    "type": "aws_route",
                    "depends_on": [
                        "aws_route_table.natdc.*",
                        "aws_vpc_peering_connection.data_release"
                    ],
                    "primary": {
                        "id": "r-rtb-6c7fca083752685771",
                        "attributes": {
                            "destination_cidr_block": "10.123.56.0/22",
                            "destination_prefix_list_id": "",
                            "egress_only_gateway_id": "",
                            "gateway_id": "",
                            "id": "r-rtb-6c7fca083752685771",
                            "instance_id": "",
                            "instance_owner_id": "",
                            "nat_gateway_id": "",
                            "network_interface_id": "",
                            "origin": "CreateRoute",
                            "route_table_id": "rtb-6c7fca08",
                            "state": "active",
                            "vpc_peering_connection_id": "pcx-3499285d"
                        },
                        "meta": {},
                        "tainted": false
                    },
                    "deposed": [],
                    "provider": ""
                },
                "aws_route.data_release_vpc_natdc.1": {
                    "type": "aws_route",
                    "depends_on": [
                        "aws_route_table.natdc.*",
                        "aws_vpc_peering_connection.data_release"
                    ],
                    "primary": {
                        "id": "r-rtb-ae964ac83752685771",
                        "attributes": {
                            "destination_cidr_block": "10.123.56.0/22",
                            "destination_prefix_list_id": "",
                            "egress_only_gateway_id": "",
                            "gateway_id": "",
                            "id": "r-rtb-ae964ac83752685771",
                            "instance_id": "",
                            "instance_owner_id": "",
                            "nat_gateway_id": "",
                            "network_interface_id": "",
                            "origin": "CreateRoute",
                            "route_table_id": "rtb-ae964ac8",
                            "state": "active",
                            "vpc_peering_connection_id": "pcx-3499285d"
                        },
                        "meta": {},
                        "tainted": false
                    },
                    "deposed": [],
                    "provider": ""
                },
                "aws_route.data_release_vpc_natdc.2": {
                    "type": "aws_route",
                    "depends_on": [
                        "aws_route_table.natdc.*",
                        "aws_vpc_peering_connection.data_release"
                    ],
                    "primary": {
                        "id": "r-rtb-609b47063752685771",
                        "attributes": {
                            "destination_cidr_block": "10.123.56.0/22",
                            "destination_prefix_list_id": "",
                            "egress_only_gateway_id": "",
                            "gateway_id": "",
                            "id": "r-rtb-609b47063752685771",
                            "instance_id": "",
                            "instance_owner_id": "",
                            "nat_gateway_id": "",
                            "network_interface_id": "",
                            "origin": "CreateRoute",
                            "route_table_id": "rtb-609b4706",
                            "state": "active",
                            "vpc_peering_connection_id": "pcx-3499285d"
                        },
                        "meta": {},
                        "tainted": false
                    },
                    "deposed": [],
                    "provider": ""
                },
                "aws_route.data_release_vpc_private": {
                    "type": "aws_route",
                    "depends_on": [
                        "aws_route_table.private",
                        "aws_vpc_peering_connection.data_release"
                    ],
                    "primary": {
                        "id": "r-rtb-627fca063752685771",
                        "attributes": {
                            "destination_cidr_block": "10.123.56.0/22",
                            "destination_prefix_list_id": "",
                            "egress_only_gateway_id": "",
                            "gateway_id": "",
                            "id": "r-rtb-627fca063752685771",
                            "instance_id": "",
                            "instance_owner_id": "",
                            "nat_gateway_id": "",
                            "network_interface_id": "",
                            "origin": "CreateRoute",
                            "route_table_id": "rtb-627fca06",
                            "state": "active",
                            "vpc_peering_connection_id": "pcx-3499285d"
                        },
                        "meta": {},
                        "tainted": false
                    },
                    "deposed": [],
                    "provider": ""
                },
                "aws_route.data_release_vpc_public": {
                    "type": "aws_route",
                    "depends_on": [
                        "aws_route_table.public",
                        "aws_vpc_peering_connection.data_release"
                    ],
                    "primary": {
                        "id": "r-rtb-637fca073752685771",
                        "attributes": {
                            "destination_cidr_block": "10.123.56.0/22",
                            "destination_prefix_list_id": "",
                            "egress_only_gateway_id": "",
                            "gateway_id": "",
                            "id": "r-rtb-637fca073752685771",
                            "instance_id": "",
                            "instance_owner_id": "",
                            "nat_gateway_id": "",
                            "network_interface_id": "",
                            "origin": "CreateRoute",
                            "route_table_id": "rtb-637fca07",
                            "state": "active",
                            "vpc_peering_connection_id": "pcx-3499285d"
                        },
                        "meta": {},
                        "tainted": false
                    },
                    "deposed": [],
                    "provider": ""
                },
                "aws_route.data_test_vpc_natdc.0": {
                    "type": "aws_route",
                    "depends_on": [
                        "aws_route_table.natdc.*",
                        "aws_vpc_peering_connection.data_test"
                    ],
                    "primary": {
                        "id": "r-rtb-6c7fca081144795869",
                        "attributes": {
                            "destination_cidr_block": "10.123.52.0/22",
                            "destination_prefix_list_id": "",
                            "egress_only_gateway_id": "",
                            "gateway_id": "",
                            "id": "r-rtb-6c7fca081144795869",
                            "instance_id": "",
                            "instance_owner_id": "",
                            "nat_gateway_id": "",
                            "network_interface_id": "",
                            "origin": "CreateRoute",
                            "route_table_id": "rtb-6c7fca08",
                            "state": "active",
                            "vpc_peering_connection_id": "pcx-3599285c"
                        },
                        "meta": {},
                        "tainted": false
                    },
                    "deposed": [],
                    "provider": ""
                },
                "aws_route.data_test_vpc_natdc.1": {
                    "type": "aws_route",
                    "depends_on": [
                        "aws_route_table.natdc.*",
                        "aws_vpc_peering_connection.data_test"
                    ],
                    "primary": {
                        "id": "r-rtb-ae964ac81144795869",
                        "attributes": {
                            "destination_cidr_block": "10.123.52.0/22",
                            "destination_prefix_list_id": "",
                            "egress_only_gateway_id": "",
                            "gateway_id": "",
                            "id": "r-rtb-ae964ac81144795869",
                            "instance_id": "",
                            "instance_owner_id": "",
                            "nat_gateway_id": "",
                            "network_interface_id": "",
                            "origin": "CreateRoute",
                            "route_table_id": "rtb-ae964ac8",
                            "state": "active",
                            "vpc_peering_connection_id": "pcx-3599285c"
                        },
                        "meta": {},
                        "tainted": false
                    },
                    "deposed": [],
                    "provider": ""
                },
                "aws_route.data_test_vpc_natdc.2": {
                    "type": "aws_route",
                    "depends_on": [
                        "aws_route_table.natdc.*",
                        "aws_vpc_peering_connection.data_test"
                    ],
                    "primary": {
                        "id": "r-rtb-609b47061144795869",
                        "attributes": {
                            "destination_cidr_block": "10.123.52.0/22",
                            "destination_prefix_list_id": "",
                            "egress_only_gateway_id": "",
                            "gateway_id": "",
                            "id": "r-rtb-609b47061144795869",
                            "instance_id": "",
                            "instance_owner_id": "",
                            "nat_gateway_id": "",
                            "network_interface_id": "",
                            "origin": "CreateRoute",
                            "route_table_id": "rtb-609b4706",
                            "state": "active",
                            "vpc_peering_connection_id": "pcx-3599285c"
                        },
                        "meta": {},
                        "tainted": false
                    },
                    "deposed": [],
                    "provider": ""
                },
                "aws_route.data_test_vpc_private": {
                    "type": "aws_route",
                    "depends_on": [
                        "aws_route_table.private",
                        "aws_vpc_peering_connection.data_test"
                    ],
                    "primary": {
                        "id": "r-rtb-627fca061144795869",
                        "attributes": {
                            "destination_cidr_block": "10.123.52.0/22",
                            "destination_prefix_list_id": "",
                            "egress_only_gateway_id": "",
                            "gateway_id": "",
                            "id": "r-rtb-627fca061144795869",
                            "instance_id": "",
                            "instance_owner_id": "",
                            "nat_gateway_id": "",
                            "network_interface_id": "",
                            "origin": "CreateRoute",
                            "route_table_id": "rtb-627fca06",
                            "state": "active",
                            "vpc_peering_connection_id": "pcx-3599285c"
                        },
                        "meta": {},
                        "tainted": false
                    },
                    "deposed": [],
                    "provider": ""
                },
                "aws_route.data_test_vpc_public": {
                    "type": "aws_route",
                    "depends_on": [
                        "aws_route_table.public",
                        "aws_vpc_peering_connection.data_test"
                    ],
                    "primary": {
                        "id": "r-rtb-637fca071144795869",
                        "attributes": {
                            "destination_cidr_block": "10.123.52.0/22",
                            "destination_prefix_list_id": "",
                            "egress_only_gateway_id": "",
                            "gateway_id": "",
                            "id": "r-rtb-637fca071144795869",
                            "instance_id": "",
                            "instance_owner_id": "",
                            "nat_gateway_id": "",
                            "network_interface_id": "",
                            "origin": "CreateRoute",
                            "route_table_id": "rtb-637fca07",
                            "state": "active",
                            "vpc_peering_connection_id": "pcx-3599285c"
                        },
                        "meta": {},
                        "tainted": false
                    },
                    "deposed": [],
                    "provider": ""
                },
                "aws_route.infra_natdc.0": {
                    "type": "aws_route",
                    "depends_on": [
                        "aws_vpc_peering_connection.infra"
                    ],
                    "primary": {
                        "id": "r-rtb-968b3ef22125723008",
                        "attributes": {
                            "destination_cidr_block": "10.124.0.0/20",
                            "destination_prefix_list_id": "",
                            "egress_only_gateway_id": "",
                            "gateway_id": "",
                            "id": "r-rtb-968b3ef22125723008",
                            "instance_id": "",
                            "instance_owner_id": "",
                            "nat_gateway_id": "",
                            "network_interface_id": "",
                            "origin": "CreateRoute",
                            "route_table_id": "rtb-968b3ef2",
                            "state": "active",
                            "vpc_peering_connection_id": "pcx-da4be9b3"
                        },
                        "meta": {},
                        "tainted": false
                    },
                    "deposed": [],
                    "provider": ""
                },
                "aws_route.infra_natdc.1": {
                    "type": "aws_route",
                    "depends_on": [
                        "aws_vpc_peering_connection.infra"
                    ],
                    "primary": {
                        "id": "r-rtb-2e964a482125723008",
                        "attributes": {
                            "destination_cidr_block": "10.124.0.0/20",
                            "destination_prefix_list_id": "",
                            "egress_only_gateway_id": "",
                            "gateway_id": "",
                            "id": "r-rtb-2e964a482125723008",
                            "instance_id": "",
                            "instance_owner_id": "",
                            "nat_gateway_id": "",
                            "network_interface_id": "",
                            "origin": "CreateRoute",
                            "route_table_id": "rtb-2e964a48",
                            "state": "active",
                            "vpc_peering_connection_id": "pcx-da4be9b3"
                        },
                        "meta": {},
                        "tainted": false
                    },
                    "deposed": [],
                    "provider": ""
                },
                "aws_route.infra_natdc.2": {
                    "type": "aws_route",
                    "depends_on": [
                        "aws_vpc_peering_connection.infra"
                    ],
                    "primary": {
                        "id": "r-rtb-4995492f2125723008",
                        "attributes": {
                            "destination_cidr_block": "10.124.0.0/20",
                            "destination_prefix_list_id": "",
                            "egress_only_gateway_id": "",
                            "gateway_id": "",
                            "id": "r-rtb-4995492f2125723008",
                            "instance_id": "",
                            "instance_owner_id": "",
                            "nat_gateway_id": "",
                            "network_interface_id": "",
                            "origin": "CreateRoute",
                            "route_table_id": "rtb-4995492f",
                            "state": "active",
                            "vpc_peering_connection_id": "pcx-da4be9b3"
                        },
                        "meta": {},
                        "tainted": false
                    },
                    "deposed": [],
                    "provider": ""
                },
                "aws_route.infra_private": {
                    "type": "aws_route",
                    "depends_on": [
                        "aws_vpc_peering_connection.infra"
                    ],
                    "primary": {
                        "id": "r-rtb-fc8b3e982125723008",
                        "attributes": {
                            "destination_cidr_block": "10.124.0.0/20",
                            "destination_prefix_list_id": "",
                            "egress_only_gateway_id": "",
                            "gateway_id": "",
                            "id": "r-rtb-fc8b3e982125723008",
                            "instance_id": "",
                            "instance_owner_id": "",
                            "nat_gateway_id": "",
                            "network_interface_id": "",
                            "origin": "CreateRoute",
                            "route_table_id": "rtb-fc8b3e98",
                            "state": "active",
                            "vpc_peering_connection_id": "pcx-da4be9b3"
                        },
                        "meta": {},
                        "tainted": false
                    },
                    "deposed": [],
                    "provider": ""
                },
                "aws_route.infra_public": {
                    "type": "aws_route",
                    "depends_on": [
                        "aws_vpc_peering_connection.infra"
                    ],
                    "primary": {
                        "id": "r-rtb-fd8b3e992125723008",
                        "attributes": {
                            "destination_cidr_block": "10.124.0.0/20",
                            "destination_prefix_list_id": "",
                            "egress_only_gateway_id": "",
                            "gateway_id": "",
                            "id": "r-rtb-fd8b3e992125723008",
                            "instance_id": "",
                            "instance_owner_id": "",
                            "nat_gateway_id": "",
                            "network_interface_id": "",
                            "origin": "CreateRoute",
                            "route_table_id": "rtb-fd8b3e99",
                            "state": "active",
                            "vpc_peering_connection_id": "pcx-da4be9b3"
                        },
                        "meta": {},
                        "tainted": false
                    },
                    "deposed": [],
                    "provider": ""
                },
                "aws_route.jcx_comp_vpc_natdc.0": {
                    "type": "aws_route",
                    "depends_on": [
                        "aws_route_table.natdc.*"
                    ],
                    "primary": {
                        "id": "r-rtb-6c7fca081526251058",
                        "attributes": {
                            "destination_cidr_block": "10.122.64.0/20",
                            "destination_prefix_list_id": "",
                            "egress_only_gateway_id": "",
                            "gateway_id": "",
                            "id": "r-rtb-6c7fca081526251058",
                            "instance_id": "",
                            "instance_owner_id": "",
                            "nat_gateway_id": "",
                            "network_interface_id": "",
                            "origin": "CreateRoute",
                            "route_table_id": "rtb-6c7fca08",
                            "state": "active",
                            "vpc_peering_connection_id": "pcx-c6ac13af"
                        },
                        "meta": {},
                        "tainted": false
                    },
                    "deposed": [],
                    "provider": ""
                },
                "aws_route.jcx_comp_vpc_natdc.1": {
                    "type": "aws_route",
                    "depends_on": [
                        "aws_route_table.natdc.*"
                    ],
                    "primary": {
                        "id": "r-rtb-ae964ac81526251058",
                        "attributes": {
                            "destination_cidr_block": "10.122.64.0/20",
                            "destination_prefix_list_id": "",
                            "egress_only_gateway_id": "",
                            "gateway_id": "",
                            "id": "r-rtb-ae964ac81526251058",
                            "instance_id": "",
                            "instance_owner_id": "",
                            "nat_gateway_id": "",
                            "network_interface_id": "",
                            "origin": "CreateRoute",
                            "route_table_id": "rtb-ae964ac8",
                            "state": "active",
                            "vpc_peering_connection_id": "pcx-c6ac13af"
                        },
                        "meta": {},
                        "tainted": false
                    },
                    "deposed": [],
                    "provider": ""
                },
                "aws_route.jcx_comp_vpc_natdc.2": {
                    "type": "aws_route",
                    "depends_on": [
                        "aws_route_table.natdc.*"
                    ],
                    "primary": {
                        "id": "r-rtb-609b47061526251058",
                        "attributes": {
                            "destination_cidr_block": "10.122.64.0/20",
                            "destination_prefix_list_id": "",
                            "egress_only_gateway_id": "",
                            "gateway_id": "",
                            "id": "r-rtb-609b47061526251058",
                            "instance_id": "",
                            "instance_owner_id": "",
                            "nat_gateway_id": "",
                            "network_interface_id": "",
                            "origin": "CreateRoute",
                            "route_table_id": "rtb-609b4706",
                            "state": "active",
                            "vpc_peering_connection_id": "pcx-c6ac13af"
                        },
                        "meta": {},
                        "tainted": false
                    },
                    "deposed": [],
                    "provider": ""
                },
                "aws_route.jcx_comp_vpc_private": {
                    "type": "aws_route",
                    "depends_on": [
                        "aws_route_table.private"
                    ],
                    "primary": {
                        "id": "r-rtb-627fca061526251058",
                        "attributes": {
                            "destination_cidr_block": "10.122.64.0/20",
                            "destination_prefix_list_id": "",
                            "egress_only_gateway_id": "",
                            "gateway_id": "",
                            "id": "r-rtb-627fca061526251058",
                            "instance_id": "",
                            "instance_owner_id": "",
                            "nat_gateway_id": "",
                            "network_interface_id": "",
                            "origin": "CreateRoute",
                            "route_table_id": "rtb-627fca06",
                            "state": "active",
                            "vpc_peering_connection_id": "pcx-c6ac13af"
                        },
                        "meta": {},
                        "tainted": false
                    },
                    "deposed": [],
                    "provider": ""
                },
                "aws_route.jcx_comp_vpc_public": {
                    "type": "aws_route",
                    "depends_on": [
                        "aws_route_table.public"
                    ],
                    "primary": {
                        "id": "r-rtb-637fca071526251058",
                        "attributes": {
                            "destination_cidr_block": "10.122.64.0/20",
                            "destination_prefix_list_id": "",
                            "egress_only_gateway_id": "",
                            "gateway_id": "",
                            "id": "r-rtb-637fca071526251058",
                            "instance_id": "",
                            "instance_owner_id": "",
                            "nat_gateway_id": "",
                            "network_interface_id": "",
                            "origin": "CreateRoute",
                            "route_table_id": "rtb-637fca07",
                            "state": "active",
                            "vpc_peering_connection_id": "pcx-c6ac13af"
                        },
                        "meta": {},
                        "tainted": false
                    },
                    "deposed": [],
                    "provider": ""
                },
                "aws_route.ms_pipeline_vpc_natdc.0": {
                    "type": "aws_route",
                    "depends_on": [
                        "aws_route_table.natdc.*"
                    ],
                    "primary": {
                        "id": "r-rtb-6c7fca082455901786",
                        "attributes": {
                            "destination_cidr_block": "10.124.96.0/20",
                            "destination_prefix_list_id": "",
                            "egress_only_gateway_id": "",
                            "gateway_id": "",
                            "id": "r-rtb-6c7fca082455901786",
                            "instance_id": "",
                            "instance_owner_id": "",
                            "nat_gateway_id": "",
                            "network_interface_id": "",
                            "origin": "CreateRoute",
                            "route_table_id": "rtb-6c7fca08",
                            "state": "active",
                            "vpc_peering_connection_id": "pcx-1533b87c"
                        },
                        "meta": {},
                        "tainted": false
                    },
                    "deposed": [],
                    "provider": ""
                },
                "aws_route.ms_pipeline_vpc_natdc.1": {
                    "type": "aws_route",
                    "depends_on": [
                        "aws_route_table.natdc.*"
                    ],
                    "primary": {
                        "id": "r-rtb-ae964ac82455901786",
                        "attributes": {
                            "destination_cidr_block": "10.124.96.0/20",
                            "destination_prefix_list_id": "",
                            "egress_only_gateway_id": "",
                            "gateway_id": "",
                            "id": "r-rtb-ae964ac82455901786",
                            "instance_id": "",
                            "instance_owner_id": "",
                            "nat_gateway_id": "",
                            "network_interface_id": "",
                            "origin": "CreateRoute",
                            "route_table_id": "rtb-ae964ac8",
                            "state": "active",
                            "vpc_peering_connection_id": "pcx-1533b87c"
                        },
                        "meta": {},
                        "tainted": false
                    },
                    "deposed": [],
                    "provider": ""
                },
                "aws_route.ms_pipeline_vpc_natdc.2": {
                    "type": "aws_route",
                    "depends_on": [
                        "aws_route_table.natdc.*"
                    ],
                    "primary": {
                        "id": "r-rtb-609b47062455901786",
                        "attributes": {
                            "destination_cidr_block": "10.124.96.0/20",
                            "destination_prefix_list_id": "",
                            "egress_only_gateway_id": "",
                            "gateway_id": "",
                            "id": "r-rtb-609b47062455901786",
                            "instance_id": "",
                            "instance_owner_id": "",
                            "nat_gateway_id": "",
                            "network_interface_id": "",
                            "origin": "CreateRoute",
                            "route_table_id": "rtb-609b4706",
                            "state": "active",
                            "vpc_peering_connection_id": "pcx-1533b87c"
                        },
                        "meta": {},
                        "tainted": false
                    },
                    "deposed": [],
                    "provider": ""
                },
                "aws_route.reco_integ_vpc_natdc.0": {
                    "type": "aws_route",
                    "depends_on": [
                        "aws_route_table.natdc.*",
                        "aws_vpc_peering_connection.reco_integ"
                    ],
                    "primary": {
                        "id": "r-rtb-6c7fca083533214673",
                        "attributes": {
                            "destination_cidr_block": "10.126.0.0/22",
                            "destination_prefix_list_id": "",
                            "egress_only_gateway_id": "",
                            "gateway_id": "",
                            "id": "r-rtb-6c7fca083533214673",
                            "instance_id": "",
                            "instance_owner_id": "",
                            "nat_gateway_id": "",
                            "network_interface_id": "",
                            "origin": "CreateRoute",
                            "route_table_id": "rtb-6c7fca08",
                            "state": "active",
                            "vpc_peering_connection_id": "pcx-6f52e806"
                        },
                        "meta": {},
                        "tainted": false
                    },
                    "deposed": [],
                    "provider": ""
                },
                "aws_route.reco_integ_vpc_natdc.1": {
                    "type": "aws_route",
                    "depends_on": [
                        "aws_route_table.natdc.*",
                        "aws_vpc_peering_connection.reco_integ"
                    ],
                    "primary": {
                        "id": "r-rtb-ae964ac83533214673",
                        "attributes": {
                            "destination_cidr_block": "10.126.0.0/22",
                            "destination_prefix_list_id": "",
                            "egress_only_gateway_id": "",
                            "gateway_id": "",
                            "id": "r-rtb-ae964ac83533214673",
                            "instance_id": "",
                            "instance_owner_id": "",
                            "nat_gateway_id": "",
                            "network_interface_id": "",
                            "origin": "CreateRoute",
                            "route_table_id": "rtb-ae964ac8",
                            "state": "active",
                            "vpc_peering_connection_id": "pcx-6f52e806"
                        },
                        "meta": {},
                        "tainted": false
                    },
                    "deposed": [],
                    "provider": ""
                },
                "aws_route.reco_integ_vpc_natdc.2": {
                    "type": "aws_route",
                    "depends_on": [
                        "aws_route_table.natdc.*",
                        "aws_vpc_peering_connection.reco_integ"
                    ],
                    "primary": {
                        "id": "r-rtb-609b47063533214673",
                        "attributes": {
                            "destination_cidr_block": "10.126.0.0/22",
                            "destination_prefix_list_id": "",
                            "egress_only_gateway_id": "",
                            "gateway_id": "",
                            "id": "r-rtb-609b47063533214673",
                            "instance_id": "",
                            "instance_owner_id": "",
                            "nat_gateway_id": "",
                            "network_interface_id": "",
                            "origin": "CreateRoute",
                            "route_table_id": "rtb-609b4706",
                            "state": "active",
                            "vpc_peering_connection_id": "pcx-6f52e806"
                        },
                        "meta": {},
                        "tainted": false
                    },
                    "deposed": [],
                    "provider": ""
                },
                "aws_route.reco_integ_vpc_private": {
                    "type": "aws_route",
                    "depends_on": [
                        "aws_route_table.private",
                        "aws_vpc_peering_connection.reco_integ"
                    ],
                    "primary": {
                        "id": "r-rtb-627fca063533214673",
                        "attributes": {
                            "destination_cidr_block": "10.126.0.0/22",
                            "destination_prefix_list_id": "",
                            "egress_only_gateway_id": "",
                            "gateway_id": "",
                            "id": "r-rtb-627fca063533214673",
                            "instance_id": "",
                            "instance_owner_id": "",
                            "nat_gateway_id": "",
                            "network_interface_id": "",
                            "origin": "CreateRoute",
                            "route_table_id": "rtb-627fca06",
                            "state": "active",
                            "vpc_peering_connection_id": "pcx-6f52e806"
                        },
                        "meta": {},
                        "tainted": false
                    },
                    "deposed": [],
                    "provider": ""
                },
                "aws_route.reco_integ_vpc_public": {
                    "type": "aws_route",
                    "depends_on": [
                        "aws_route_table.public",
                        "aws_vpc_peering_connection.reco_integ"
                    ],
                    "primary": {
                        "id": "r-rtb-637fca073533214673",
                        "attributes": {
                            "destination_cidr_block": "10.126.0.0/22",
                            "destination_prefix_list_id": "",
                            "egress_only_gateway_id": "",
                            "gateway_id": "",
                            "id": "r-rtb-637fca073533214673",
                            "instance_id": "",
                            "instance_owner_id": "",
                            "nat_gateway_id": "",
                            "network_interface_id": "",
                            "origin": "CreateRoute",
                            "route_table_id": "rtb-637fca07",
                            "state": "active",
                            "vpc_peering_connection_id": "pcx-6f52e806"
                        },
                        "meta": {},
                        "tainted": false
                    },
                    "deposed": [],
                    "provider": ""
                },
                "aws_route.reco_release_vpc_natdc.0": {
                    "type": "aws_route",
                    "depends_on": [
                        "aws_route_table.natdc.*",
                        "aws_vpc_peering_connection.reco_release"
                    ],
                    "primary": {
                        "id": "r-rtb-6c7fca081053495740",
                        "attributes": {
                            "destination_cidr_block": "10.126.8.0/22",
                            "destination_prefix_list_id": "",
                            "egress_only_gateway_id": "",
                            "gateway_id": "",
                            "id": "r-rtb-6c7fca081053495740",
                            "instance_id": "",
                            "instance_owner_id": "",
                            "nat_gateway_id": "",
                            "network_interface_id": "",
                            "origin": "CreateRoute",
                            "route_table_id": "rtb-6c7fca08",
                            "state": "active",
                            "vpc_peering_connection_id": "pcx-6152e808"
                        },
                        "meta": {},
                        "tainted": false
                    },
                    "deposed": [],
                    "provider": ""
                },
                "aws_route.reco_release_vpc_natdc.1": {
                    "type": "aws_route",
                    "depends_on": [
                        "aws_route_table.natdc.*",
                        "aws_vpc_peering_connection.reco_release"
                    ],
                    "primary": {
                        "id": "r-rtb-ae964ac81053495740",
                        "attributes": {
                            "destination_cidr_block": "10.126.8.0/22",
                            "destination_prefix_list_id": "",
                            "egress_only_gateway_id": "",
                            "gateway_id": "",
                            "id": "r-rtb-ae964ac81053495740",
                            "instance_id": "",
                            "instance_owner_id": "",
                            "nat_gateway_id": "",
                            "network_interface_id": "",
                            "origin": "CreateRoute",
                            "route_table_id": "rtb-ae964ac8",
                            "state": "active",
                            "vpc_peering_connection_id": "pcx-6152e808"
                        },
                        "meta": {},
                        "tainted": false
                    },
                    "deposed": [],
                    "provider": ""
                },
                "aws_route.reco_release_vpc_natdc.2": {
                    "type": "aws_route",
                    "depends_on": [
                        "aws_route_table.natdc.*",
                        "aws_vpc_peering_connection.reco_release"
                    ],
                    "primary": {
                        "id": "r-rtb-609b47061053495740",
                        "attributes": {
                            "destination_cidr_block": "10.126.8.0/22",
                            "destination_prefix_list_id": "",
                            "egress_only_gateway_id": "",
                            "gateway_id": "",
                            "id": "r-rtb-609b47061053495740",
                            "instance_id": "",
                            "instance_owner_id": "",
                            "nat_gateway_id": "",
                            "network_interface_id": "",
                            "origin": "CreateRoute",
                            "route_table_id": "rtb-609b4706",
                            "state": "active",
                            "vpc_peering_connection_id": "pcx-6152e808"
                        },
                        "meta": {},
                        "tainted": false
                    },
                    "deposed": [],
                    "provider": ""
                },
                "aws_route.reco_release_vpc_private": {
                    "type": "aws_route",
                    "depends_on": [
                        "aws_route_table.private",
                        "aws_vpc_peering_connection.reco_release"
                    ],
                    "primary": {
                        "id": "r-rtb-627fca061053495740",
                        "attributes": {
                            "destination_cidr_block": "10.126.8.0/22",
                            "destination_prefix_list_id": "",
                            "egress_only_gateway_id": "",
                            "gateway_id": "",
                            "id": "r-rtb-627fca061053495740",
                            "instance_id": "",
                            "instance_owner_id": "",
                            "nat_gateway_id": "",
                            "network_interface_id": "",
                            "origin": "CreateRoute",
                            "route_table_id": "rtb-627fca06",
                            "state": "active",
                            "vpc_peering_connection_id": "pcx-6152e808"
                        },
                        "meta": {},
                        "tainted": false
                    },
                    "deposed": [],
                    "provider": ""
                },
                "aws_route.reco_release_vpc_public": {
                    "type": "aws_route",
                    "depends_on": [
                        "aws_route_table.public",
                        "aws_vpc_peering_connection.reco_release"
                    ],
                    "primary": {
                        "id": "r-rtb-637fca071053495740",
                        "attributes": {
                            "destination_cidr_block": "10.126.8.0/22",
                            "destination_prefix_list_id": "",
                            "egress_only_gateway_id": "",
                            "gateway_id": "",
                            "id": "r-rtb-637fca071053495740",
                            "instance_id": "",
                            "instance_owner_id": "",
                            "nat_gateway_id": "",
                            "network_interface_id": "",
                            "origin": "CreateRoute",
                            "route_table_id": "rtb-637fca07",
                            "state": "active",
                            "vpc_peering_connection_id": "pcx-6152e808"
                        },
                        "meta": {},
                        "tainted": false
                    },
                    "deposed": [],
                    "provider": ""
                },
                "aws_route.reco_test_vpc_natdc.0": {
                    "type": "aws_route",
                    "depends_on": [
                        "aws_route_table.natdc.*",
                        "aws_vpc_peering_connection.reco_test"
                    ],
                    "primary": {
                        "id": "r-rtb-6c7fca081225380295",
                        "attributes": {
                            "destination_cidr_block": "10.126.4.0/22",
                            "destination_prefix_list_id": "",
                            "egress_only_gateway_id": "",
                            "gateway_id": "",
                            "id": "r-rtb-6c7fca081225380295",
                            "instance_id": "",
                            "instance_owner_id": "",
                            "nat_gateway_id": "",
                            "network_interface_id": "",
                            "origin": "CreateRoute",
                            "route_table_id": "rtb-6c7fca08",
                            "state": "active",
                            "vpc_peering_connection_id": "pcx-6e52e807"
                        },
                        "meta": {},
                        "tainted": false
                    },
                    "deposed": [],
                    "provider": ""
                },
                "aws_route.reco_test_vpc_natdc.1": {
                    "type": "aws_route",
                    "depends_on": [
                        "aws_route_table.natdc.*",
                        "aws_vpc_peering_connection.reco_test"
                    ],
                    "primary": {
                        "id": "r-rtb-ae964ac81225380295",
                        "attributes": {
                            "destination_cidr_block": "10.126.4.0/22",
                            "destination_prefix_list_id": "",
                            "egress_only_gateway_id": "",
                            "gateway_id": "",
                            "id": "r-rtb-ae964ac81225380295",
                            "instance_id": "",
                            "instance_owner_id": "",
                            "nat_gateway_id": "",
                            "network_interface_id": "",
                            "origin": "CreateRoute",
                            "route_table_id": "rtb-ae964ac8",
                            "state": "active",
                            "vpc_peering_connection_id": "pcx-6e52e807"
                        },
                        "meta": {},
                        "tainted": false
                    },
                    "deposed": [],
                    "provider": ""
                },
                "aws_route.reco_test_vpc_natdc.2": {
                    "type": "aws_route",
                    "depends_on": [
                        "aws_route_table.natdc.*",
                        "aws_vpc_peering_connection.reco_test"
                    ],
                    "primary": {
                        "id": "r-rtb-609b47061225380295",
                        "attributes": {
                            "destination_cidr_block": "10.126.4.0/22",
                            "destination_prefix_list_id": "",
                            "egress_only_gateway_id": "",
                            "gateway_id": "",
                            "id": "r-rtb-609b47061225380295",
                            "instance_id": "",
                            "instance_owner_id": "",
                            "nat_gateway_id": "",
                            "network_interface_id": "",
                            "origin": "CreateRoute",
                            "route_table_id": "rtb-609b4706",
                            "state": "active",
                            "vpc_peering_connection_id": "pcx-6e52e807"
                        },
                        "meta": {},
                        "tainted": false
                    },
                    "deposed": [],
                    "provider": ""
                },
                "aws_route.reco_test_vpc_private": {
                    "type": "aws_route",
                    "depends_on": [
                        "aws_route_table.private",
                        "aws_vpc_peering_connection.reco_test"
                    ],
                    "primary": {
                        "id": "r-rtb-627fca061225380295",
                        "attributes": {
                            "destination_cidr_block": "10.126.4.0/22",
                            "destination_prefix_list_id": "",
                            "egress_only_gateway_id": "",
                            "gateway_id": "",
                            "id": "r-rtb-627fca061225380295",
                            "instance_id": "",
                            "instance_owner_id": "",
                            "nat_gateway_id": "",
                            "network_interface_id": "",
                            "origin": "CreateRoute",
                            "route_table_id": "rtb-627fca06",
                            "state": "active",
                            "vpc_peering_connection_id": "pcx-6e52e807"
                        },
                        "meta": {},
                        "tainted": false
                    },
                    "deposed": [],
                    "provider": ""
                },
                "aws_route.reco_test_vpc_public": {
                    "type": "aws_route",
                    "depends_on": [
                        "aws_route_table.public",
                        "aws_vpc_peering_connection.reco_test"
                    ],
                    "primary": {
                        "id": "r-rtb-637fca071225380295",
                        "attributes": {
                            "destination_cidr_block": "10.126.4.0/22",
                            "destination_prefix_list_id": "",
                            "egress_only_gateway_id": "",
                            "gateway_id": "",
                            "id": "r-rtb-637fca071225380295",
                            "instance_id": "",
                            "instance_owner_id": "",
                            "nat_gateway_id": "",
                            "network_interface_id": "",
                            "origin": "CreateRoute",
                            "route_table_id": "rtb-637fca07",
                            "state": "active",
                            "vpc_peering_connection_id": "pcx-6e52e807"
                        },
                        "meta": {},
                        "tainted": false
                    },
                    "deposed": [],
                    "provider": ""
                },
                "aws_route53_zone_association.route53": {
                    "type": "aws_route53_zone_association",
                    "depends_on": [
                        "aws_vpc.main"
                    ],
                    "primary": {
                        "id": "Z31KC7C52TU6MQ:vpc-895e96ed",
                        "attributes": {
                            "id": "Z31KC7C52TU6MQ:vpc-895e96ed",
                            "vpc_id": "vpc-895e96ed",
                            "vpc_region": "us-west-2",
                            "zone_id": "Z31KC7C52TU6MQ"
                        },
                        "meta": {},
                        "tainted": false
                    },
                    "deposed": [],
                    "provider": ""
                },
                "aws_route_table.natdc.0": {
                    "type": "aws_route_table",
                    "depends_on": [
                        "aws_nat_gateway.natgw",
                        "aws_vpc.main",
                        "aws_vpn_gateway.vgw"
                    ],
                    "primary": {
                        "id": "rtb-6c7fca08",
                        "attributes": {
                            "id": "rtb-6c7fca08",
                            "propagating_vgws.#": "1",
                            "propagating_vgws.3534376389": "vgw-519c454f",
                            "route.#": "11",
                            "route.1123026716.cidr_block": "10.124.96.0/20",
                            "route.1123026716.egress_only_gateway_id": "",
                            "route.1123026716.gateway_id": "",
                            "route.1123026716.instance_id": "",
                            "route.1123026716.ipv6_cidr_block": "",
                            "route.1123026716.nat_gateway_id": "",
                            "route.1123026716.network_interface_id": "",
                            "route.1123026716.vpc_peering_connection_id": "pcx-1533b87c",
                            "route.131406262.cidr_block": "10.127.30.7/32",
                            "route.131406262.egress_only_gateway_id": "",
                            "route.131406262.gateway_id": "",
                            "route.131406262.instance_id": "",
                            "route.131406262.ipv6_cidr_block": "",
                            "route.131406262.nat_gateway_id": "",
                            "route.131406262.network_interface_id": "",
                            "route.131406262.vpc_peering_connection_id": "pcx-da4be9b3",
                            "route.1513111170.cidr_block": "10.126.8.0/22",
                            "route.1513111170.egress_only_gateway_id": "",
                            "route.1513111170.gateway_id": "",
                            "route.1513111170.instance_id": "",
                            "route.1513111170.ipv6_cidr_block": "",
                            "route.1513111170.nat_gateway_id": "",
                            "route.1513111170.network_interface_id": "",
                            "route.1513111170.vpc_peering_connection_id": "pcx-6152e808",
                            "route.1788259456.cidr_block": "10.126.0.0/22",
                            "route.1788259456.egress_only_gateway_id": "",
                            "route.1788259456.gateway_id": "",
                            "route.1788259456.instance_id": "",
                            "route.1788259456.ipv6_cidr_block": "",
                            "route.1788259456.nat_gateway_id": "",
                            "route.1788259456.network_interface_id": "",
                            "route.1788259456.vpc_peering_connection_id": "pcx-6f52e806",
                            "route.1987864736.cidr_block": "10.123.56.0/22",
                            "route.1987864736.egress_only_gateway_id": "",
                            "route.1987864736.gateway_id": "",
                            "route.1987864736.instance_id": "",
                            "route.1987864736.ipv6_cidr_block": "",
                            "route.1987864736.nat_gateway_id": "",
                            "route.1987864736.network_interface_id": "",
                            "route.1987864736.vpc_peering_connection_id": "pcx-3499285d",
                            "route.2209975567.cidr_block": "10.121.0.0/16",
                            "route.2209975567.egress_only_gateway_id": "",
                            "route.2209975567.gateway_id": "",
                            "route.2209975567.instance_id": "",
                            "route.2209975567.ipv6_cidr_block": "",
                            "route.2209975567.nat_gateway_id": "",
                            "route.2209975567.network_interface_id": "",
                            "route.2209975567.vpc_peering_connection_id": "pcx-79199110",
                            "route.2683642013.cidr_block": "10.123.52.0/22",
                            "route.2683642013.egress_only_gateway_id": "",
                            "route.2683642013.gateway_id": "",
                            "route.2683642013.instance_id": "",
                            "route.2683642013.ipv6_cidr_block": "",
                            "route.2683642013.nat_gateway_id": "",
                            "route.2683642013.network_interface_id": "",
                            "route.2683642013.vpc_peering_connection_id": "pcx-3599285c",
                            "route.2703635486.cidr_block": "10.123.48.0/22",
                            "route.2703635486.egress_only_gateway_id": "",
                            "route.2703635486.gateway_id": "",
                            "route.2703635486.instance_id": "",
                            "route.2703635486.ipv6_cidr_block": "",
                            "route.2703635486.nat_gateway_id": "",
                            "route.2703635486.network_interface_id": "",
                            "route.2703635486.vpc_peering_connection_id": "pcx-3299285b",
                            "route.2841948297.cidr_block": "10.126.4.0/22",
                            "route.2841948297.egress_only_gateway_id": "",
                            "route.2841948297.gateway_id": "",
                            "route.2841948297.instance_id": "",
                            "route.2841948297.ipv6_cidr_block": "",
                            "route.2841948297.nat_gateway_id": "",
                            "route.2841948297.network_interface_id": "",
                            "route.2841948297.vpc_peering_connection_id": "pcx-6e52e807",
                            "route.3847658884.cidr_block": "0.0.0.0/0",
                            "route.3847658884.egress_only_gateway_id": "",
                            "route.3847658884.gateway_id": "",
                            "route.3847658884.instance_id": "",
                            "route.3847658884.ipv6_cidr_block": "",
                            "route.3847658884.nat_gateway_id": "nat-05f23fc4f2fcf0af9",
                            "route.3847658884.network_interface_id": "",
                            "route.3847658884.vpc_peering_connection_id": "",
                            "route.4280145908.cidr_block": "10.122.64.0/20",
                            "route.4280145908.egress_only_gateway_id": "",
                            "route.4280145908.gateway_id": "",
                            "route.4280145908.instance_id": "",
                            "route.4280145908.ipv6_cidr_block": "",
                            "route.4280145908.nat_gateway_id": "",
                            "route.4280145908.network_interface_id": "",
                            "route.4280145908.vpc_peering_connection_id": "pcx-c6ac13af",
                            "tags.%": "5",
                            "tags.Name": "pipeline-natdc-routetable",
                            "tags.account_name": "jive-microservices-pipeline",
                            "tags.pipeline_phase": "pipeline",
                            "tags.region": "us-west-2",
                            "tags.sla": "non-prod",
                            "vpc_id": "vpc-895e96ed"
                        },
                        "meta": {},
                        "tainted": false
                    },
                    "deposed": [],
                    "provider": ""
                },
                "aws_route_table.natdc.1": {
                    "type": "aws_route_table",
                    "depends_on": [
                        "aws_nat_gateway.natgw.*",
                        "aws_vpc.main",
                        "aws_vpn_gateway.vgw"
                    ],
                    "primary": {
                        "id": "rtb-ae964ac8",
                        "attributes": {
                            "id": "rtb-ae964ac8",
                            "propagating_vgws.#": "1",
                            "propagating_vgws.3534376389": "vgw-519c454f",
                            "route.#": "11",
                            "route.1123026716.cidr_block": "10.124.96.0/20",
                            "route.1123026716.egress_only_gateway_id": "",
                            "route.1123026716.gateway_id": "",
                            "route.1123026716.instance_id": "",
                            "route.1123026716.ipv6_cidr_block": "",
                            "route.1123026716.nat_gateway_id": "",
                            "route.1123026716.network_interface_id": "",
                            "route.1123026716.vpc_peering_connection_id": "pcx-1533b87c",
                            "route.131406262.cidr_block": "10.127.30.7/32",
                            "route.131406262.egress_only_gateway_id": "",
                            "route.131406262.gateway_id": "",
                            "route.131406262.instance_id": "",
                            "route.131406262.ipv6_cidr_block": "",
                            "route.131406262.nat_gateway_id": "",
                            "route.131406262.network_interface_id": "",
                            "route.131406262.vpc_peering_connection_id": "pcx-da4be9b3",
                            "route.1513111170.cidr_block": "10.126.8.0/22",
                            "route.1513111170.egress_only_gateway_id": "",
                            "route.1513111170.gateway_id": "",
                            "route.1513111170.instance_id": "",
                            "route.1513111170.ipv6_cidr_block": "",
                            "route.1513111170.nat_gateway_id": "",
                            "route.1513111170.network_interface_id": "",
                            "route.1513111170.vpc_peering_connection_id": "pcx-6152e808",
                            "route.1788259456.cidr_block": "10.126.0.0/22",
                            "route.1788259456.egress_only_gateway_id": "",
                            "route.1788259456.gateway_id": "",
                            "route.1788259456.instance_id": "",
                            "route.1788259456.ipv6_cidr_block": "",
                            "route.1788259456.nat_gateway_id": "",
                            "route.1788259456.network_interface_id": "",
                            "route.1788259456.vpc_peering_connection_id": "pcx-6f52e806",
                            "route.1987864736.cidr_block": "10.123.56.0/22",
                            "route.1987864736.egress_only_gateway_id": "",
                            "route.1987864736.gateway_id": "",
                            "route.1987864736.instance_id": "",
                            "route.1987864736.ipv6_cidr_block": "",
                            "route.1987864736.nat_gateway_id": "",
                            "route.1987864736.network_interface_id": "",
                            "route.1987864736.vpc_peering_connection_id": "pcx-3499285d",
                            "route.2209975567.cidr_block": "10.121.0.0/16",
                            "route.2209975567.egress_only_gateway_id": "",
                            "route.2209975567.gateway_id": "",
                            "route.2209975567.instance_id": "",
                            "route.2209975567.ipv6_cidr_block": "",
                            "route.2209975567.nat_gateway_id": "",
                            "route.2209975567.network_interface_id": "",
                            "route.2209975567.vpc_peering_connection_id": "pcx-79199110",
                            "route.2683642013.cidr_block": "10.123.52.0/22",
                            "route.2683642013.egress_only_gateway_id": "",
                            "route.2683642013.gateway_id": "",
                            "route.2683642013.instance_id": "",
                            "route.2683642013.ipv6_cidr_block": "",
                            "route.2683642013.nat_gateway_id": "",
                            "route.2683642013.network_interface_id": "",
                            "route.2683642013.vpc_peering_connection_id": "pcx-3599285c",
                            "route.2703635486.cidr_block": "10.123.48.0/22",
                            "route.2703635486.egress_only_gateway_id": "",
                            "route.2703635486.gateway_id": "",
                            "route.2703635486.instance_id": "",
                            "route.2703635486.ipv6_cidr_block": "",
                            "route.2703635486.nat_gateway_id": "",
                            "route.2703635486.network_interface_id": "",
                            "route.2703635486.vpc_peering_connection_id": "pcx-3299285b",
                            "route.2841948297.cidr_block": "10.126.4.0/22",
                            "route.2841948297.egress_only_gateway_id": "",
                            "route.2841948297.gateway_id": "",
                            "route.2841948297.instance_id": "",
                            "route.2841948297.ipv6_cidr_block": "",
                            "route.2841948297.nat_gateway_id": "",
                            "route.2841948297.network_interface_id": "",
                            "route.2841948297.vpc_peering_connection_id": "pcx-6e52e807",
                            "route.3847658884.cidr_block": "0.0.0.0/0",
                            "route.3847658884.egress_only_gateway_id": "",
                            "route.3847658884.gateway_id": "",
                            "route.3847658884.instance_id": "",
                            "route.3847658884.ipv6_cidr_block": "",
                            "route.3847658884.nat_gateway_id": "nat-05f23fc4f2fcf0af9",
                            "route.3847658884.network_interface_id": "",
                            "route.3847658884.vpc_peering_connection_id": "",
                            "route.4280145908.cidr_block": "10.122.64.0/20",
                            "route.4280145908.egress_only_gateway_id": "",
                            "route.4280145908.gateway_id": "",
                            "route.4280145908.instance_id": "",
                            "route.4280145908.ipv6_cidr_block": "",
                            "route.4280145908.nat_gateway_id": "",
                            "route.4280145908.network_interface_id": "",
                            "route.4280145908.vpc_peering_connection_id": "pcx-c6ac13af",
                            "tags.%": "5",
                            "tags.Name": "pipeline-natdc-routetable",
                            "tags.account_name": "jive-microservices-pipeline",
                            "tags.pipeline_phase": "pipeline",
                            "tags.region": "us-west-2",
                            "tags.sla": "non-prod",
                            "vpc_id": "vpc-895e96ed"
                        },
                        "meta": {},
                        "tainted": false
                    },
                    "deposed": [],
                    "provider": ""
                },
                "aws_route_table.natdc.2": {
                    "type": "aws_route_table",
                    "depends_on": [
                        "aws_nat_gateway.natgw.*",
                        "aws_vpc.main",
                        "aws_vpn_gateway.vgw"
                    ],
                    "primary": {
                        "id": "rtb-609b4706",
                        "attributes": {
                            "id": "rtb-609b4706",
                            "propagating_vgws.#": "1",
                            "propagating_vgws.3534376389": "vgw-519c454f",
                            "route.#": "11",
                            "route.1123026716.cidr_block": "10.124.96.0/20",
                            "route.1123026716.egress_only_gateway_id": "",
                            "route.1123026716.gateway_id": "",
                            "route.1123026716.instance_id": "",
                            "route.1123026716.ipv6_cidr_block": "",
                            "route.1123026716.nat_gateway_id": "",
                            "route.1123026716.network_interface_id": "",
                            "route.1123026716.vpc_peering_connection_id": "pcx-1533b87c",
                            "route.131406262.cidr_block": "10.127.30.7/32",
                            "route.131406262.egress_only_gateway_id": "",
                            "route.131406262.gateway_id": "",
                            "route.131406262.instance_id": "",
                            "route.131406262.ipv6_cidr_block": "",
                            "route.131406262.nat_gateway_id": "",
                            "route.131406262.network_interface_id": "",
                            "route.131406262.vpc_peering_connection_id": "pcx-da4be9b3",
                            "route.1513111170.cidr_block": "10.126.8.0/22",
                            "route.1513111170.egress_only_gateway_id": "",
                            "route.1513111170.gateway_id": "",
                            "route.1513111170.instance_id": "",
                            "route.1513111170.ipv6_cidr_block": "",
                            "route.1513111170.nat_gateway_id": "",
                            "route.1513111170.network_interface_id": "",
                            "route.1513111170.vpc_peering_connection_id": "pcx-6152e808",
                            "route.1788259456.cidr_block": "10.126.0.0/22",
                            "route.1788259456.egress_only_gateway_id": "",
                            "route.1788259456.gateway_id": "",
                            "route.1788259456.instance_id": "",
                            "route.1788259456.ipv6_cidr_block": "",
                            "route.1788259456.nat_gateway_id": "",
                            "route.1788259456.network_interface_id": "",
                            "route.1788259456.vpc_peering_connection_id": "pcx-6f52e806",
                            "route.1987864736.cidr_block": "10.123.56.0/22",
                            "route.1987864736.egress_only_gateway_id": "",
                            "route.1987864736.gateway_id": "",
                            "route.1987864736.instance_id": "",
                            "route.1987864736.ipv6_cidr_block": "",
                            "route.1987864736.nat_gateway_id": "",
                            "route.1987864736.network_interface_id": "",
                            "route.1987864736.vpc_peering_connection_id": "pcx-3499285d",
                            "route.2209975567.cidr_block": "10.121.0.0/16",
                            "route.2209975567.egress_only_gateway_id": "",
                            "route.2209975567.gateway_id": "",
                            "route.2209975567.instance_id": "",
                            "route.2209975567.ipv6_cidr_block": "",
                            "route.2209975567.nat_gateway_id": "",
                            "route.2209975567.network_interface_id": "",
                            "route.2209975567.vpc_peering_connection_id": "pcx-79199110",
                            "route.2683642013.cidr_block": "10.123.52.0/22",
                            "route.2683642013.egress_only_gateway_id": "",
                            "route.2683642013.gateway_id": "",
                            "route.2683642013.instance_id": "",
                            "route.2683642013.ipv6_cidr_block": "",
                            "route.2683642013.nat_gateway_id": "",
                            "route.2683642013.network_interface_id": "",
                            "route.2683642013.vpc_peering_connection_id": "pcx-3599285c",
                            "route.2703635486.cidr_block": "10.123.48.0/22",
                            "route.2703635486.egress_only_gateway_id": "",
                            "route.2703635486.gateway_id": "",
                            "route.2703635486.instance_id": "",
                            "route.2703635486.ipv6_cidr_block": "",
                            "route.2703635486.nat_gateway_id": "",
                            "route.2703635486.network_interface_id": "",
                            "route.2703635486.vpc_peering_connection_id": "pcx-3299285b",
                            "route.2841948297.cidr_block": "10.126.4.0/22",
                            "route.2841948297.egress_only_gateway_id": "",
                            "route.2841948297.gateway_id": "",
                            "route.2841948297.instance_id": "",
                            "route.2841948297.ipv6_cidr_block": "",
                            "route.2841948297.nat_gateway_id": "",
                            "route.2841948297.network_interface_id": "",
                            "route.2841948297.vpc_peering_connection_id": "pcx-6e52e807",
                            "route.3108483962.cidr_block": "0.0.0.0/0",
                            "route.3108483962.egress_only_gateway_id": "",
                            "route.3108483962.gateway_id": "",
                            "route.3108483962.instance_id": "",
                            "route.3108483962.ipv6_cidr_block": "",
                            "route.3108483962.nat_gateway_id": "nat-0e8a3edb5ebe79fc4",
                            "route.3108483962.network_interface_id": "",
                            "route.3108483962.vpc_peering_connection_id": "",
                            "route.4280145908.cidr_block": "10.122.64.0/20",
                            "route.4280145908.egress_only_gateway_id": "",
                            "route.4280145908.gateway_id": "",
                            "route.4280145908.instance_id": "",
                            "route.4280145908.ipv6_cidr_block": "",
                            "route.4280145908.nat_gateway_id": "",
                            "route.4280145908.network_interface_id": "",
                            "route.4280145908.vpc_peering_connection_id": "pcx-c6ac13af",
                            "tags.%": "5",
                            "tags.Name": "pipeline-natdc-routetable",
                            "tags.account_name": "jive-microservices-pipeline",
                            "tags.pipeline_phase": "pipeline",
                            "tags.region": "us-west-2",
                            "tags.sla": "non-prod",
                            "vpc_id": "vpc-895e96ed"
                        },
                        "meta": {},
                        "tainted": false
                    },
                    "deposed": [],
                    "provider": ""
                },
                "aws_route_table.private": {
                    "type": "aws_route_table",
                    "depends_on": [
                        "aws_vpc.main"
                    ],
                    "primary": {
                        "id": "rtb-627fca06",
                        "attributes": {
                            "id": "rtb-627fca06",
                            "propagating_vgws.#": "0",
                            "route.#": "8",
                            "route.131406262.cidr_block": "10.127.30.7/32",
                            "route.131406262.egress_only_gateway_id": "",
                            "route.131406262.gateway_id": "",
                            "route.131406262.instance_id": "",
                            "route.131406262.ipv6_cidr_block": "",
                            "route.131406262.nat_gateway_id": "",
                            "route.131406262.network_interface_id": "",
                            "route.131406262.vpc_peering_connection_id": "pcx-da4be9b3",
                            "route.1513111170.cidr_block": "10.126.8.0/22",
                            "route.1513111170.egress_only_gateway_id": "",
                            "route.1513111170.gateway_id": "",
                            "route.1513111170.instance_id": "",
                            "route.1513111170.ipv6_cidr_block": "",
                            "route.1513111170.nat_gateway_id": "",
                            "route.1513111170.network_interface_id": "",
                            "route.1513111170.vpc_peering_connection_id": "pcx-6152e808",
                            "route.1788259456.cidr_block": "10.126.0.0/22",
                            "route.1788259456.egress_only_gateway_id": "",
                            "route.1788259456.gateway_id": "",
                            "route.1788259456.instance_id": "",
                            "route.1788259456.ipv6_cidr_block": "",
                            "route.1788259456.nat_gateway_id": "",
                            "route.1788259456.network_interface_id": "",
                            "route.1788259456.vpc_peering_connection_id": "pcx-6f52e806",
                            "route.1987864736.cidr_block": "10.123.56.0/22",
                            "route.1987864736.egress_only_gateway_id": "",
                            "route.1987864736.gateway_id": "",
                            "route.1987864736.instance_id": "",
                            "route.1987864736.ipv6_cidr_block": "",
                            "route.1987864736.nat_gateway_id": "",
                            "route.1987864736.network_interface_id": "",
                            "route.1987864736.vpc_peering_connection_id": "pcx-3499285d",
                            "route.2683642013.cidr_block": "10.123.52.0/22",
                            "route.2683642013.egress_only_gateway_id": "",
                            "route.2683642013.gateway_id": "",
                            "route.2683642013.instance_id": "",
                            "route.2683642013.ipv6_cidr_block": "",
                            "route.2683642013.nat_gateway_id": "",
                            "route.2683642013.network_interface_id": "",
                            "route.2683642013.vpc_peering_connection_id": "pcx-3599285c",
                            "route.2703635486.cidr_block": "10.123.48.0/22",
                            "route.2703635486.egress_only_gateway_id": "",
                            "route.2703635486.gateway_id": "",
                            "route.2703635486.instance_id": "",
                            "route.2703635486.ipv6_cidr_block": "",
                            "route.2703635486.nat_gateway_id": "",
                            "route.2703635486.network_interface_id": "",
                            "route.2703635486.vpc_peering_connection_id": "pcx-3299285b",
                            "route.2841948297.cidr_block": "10.126.4.0/22",
                            "route.2841948297.egress_only_gateway_id": "",
                            "route.2841948297.gateway_id": "",
                            "route.2841948297.instance_id": "",
                            "route.2841948297.ipv6_cidr_block": "",
                            "route.2841948297.nat_gateway_id": "",
                            "route.2841948297.network_interface_id": "",
                            "route.2841948297.vpc_peering_connection_id": "pcx-6e52e807",
                            "route.4280145908.cidr_block": "10.122.64.0/20",
                            "route.4280145908.egress_only_gateway_id": "",
                            "route.4280145908.gateway_id": "",
                            "route.4280145908.instance_id": "",
                            "route.4280145908.ipv6_cidr_block": "",
                            "route.4280145908.nat_gateway_id": "",
                            "route.4280145908.network_interface_id": "",
                            "route.4280145908.vpc_peering_connection_id": "pcx-c6ac13af",
                            "tags.%": "5",
                            "tags.Name": "pipeline-private-routetable",
                            "tags.account_name": "jive-microservices-pipeline",
                            "tags.pipeline_phase": "pipeline",
                            "tags.region": "us-west-2",
                            "tags.sla": "non-prod",
                            "vpc_id": "vpc-895e96ed"
                        },
                        "meta": {},
                        "tainted": false
                    },
                    "deposed": [],
                    "provider": ""
                },
                "aws_route_table.public": {
                    "type": "aws_route_table",
                    "depends_on": [
                        "aws_internet_gateway.igw",
                        "aws_vpc.main"
                    ],
                    "primary": {
                        "id": "rtb-637fca07",
                        "attributes": {
                            "id": "rtb-637fca07",
                            "propagating_vgws.#": "0",
                            "route.#": "9",
                            "route.131406262.cidr_block": "10.127.30.7/32",
                            "route.131406262.egress_only_gateway_id": "",
                            "route.131406262.gateway_id": "",
                            "route.131406262.instance_id": "",
                            "route.131406262.ipv6_cidr_block": "",
                            "route.131406262.nat_gateway_id": "",
                            "route.131406262.network_interface_id": "",
                            "route.131406262.vpc_peering_connection_id": "pcx-da4be9b3",
                            "route.1513111170.cidr_block": "10.126.8.0/22",
                            "route.1513111170.egress_only_gateway_id": "",
                            "route.1513111170.gateway_id": "",
                            "route.1513111170.instance_id": "",
                            "route.1513111170.ipv6_cidr_block": "",
                            "route.1513111170.nat_gateway_id": "",
                            "route.1513111170.network_interface_id": "",
                            "route.1513111170.vpc_peering_connection_id": "pcx-6152e808",
                            "route.1788259456.cidr_block": "10.126.0.0/22",
                            "route.1788259456.egress_only_gateway_id": "",
                            "route.1788259456.gateway_id": "",
                            "route.1788259456.instance_id": "",
                            "route.1788259456.ipv6_cidr_block": "",
                            "route.1788259456.nat_gateway_id": "",
                            "route.1788259456.network_interface_id": "",
                            "route.1788259456.vpc_peering_connection_id": "pcx-6f52e806",
                            "route.1867308847.cidr_block": "0.0.0.0/0",
                            "route.1867308847.egress_only_gateway_id": "",
                            "route.1867308847.gateway_id": "igw-801a38e5",
                            "route.1867308847.instance_id": "",
                            "route.1867308847.ipv6_cidr_block": "",
                            "route.1867308847.nat_gateway_id": "",
                            "route.1867308847.network_interface_id": "",
                            "route.1867308847.vpc_peering_connection_id": "",
                            "route.1987864736.cidr_block": "10.123.56.0/22",
                            "route.1987864736.egress_only_gateway_id": "",
                            "route.1987864736.gateway_id": "",
                            "route.1987864736.instance_id": "",
                            "route.1987864736.ipv6_cidr_block": "",
                            "route.1987864736.nat_gateway_id": "",
                            "route.1987864736.network_interface_id": "",
                            "route.1987864736.vpc_peering_connection_id": "pcx-3499285d",
                            "route.2683642013.cidr_block": "10.123.52.0/22",
                            "route.2683642013.egress_only_gateway_id": "",
                            "route.2683642013.gateway_id": "",
                            "route.2683642013.instance_id": "",
                            "route.2683642013.ipv6_cidr_block": "",
                            "route.2683642013.nat_gateway_id": "",
                            "route.2683642013.network_interface_id": "",
                            "route.2683642013.vpc_peering_connection_id": "pcx-3599285c",
                            "route.2703635486.cidr_block": "10.123.48.0/22",
                            "route.2703635486.egress_only_gateway_id": "",
                            "route.2703635486.gateway_id": "",
                            "route.2703635486.instance_id": "",
                            "route.2703635486.ipv6_cidr_block": "",
                            "route.2703635486.nat_gateway_id": "",
                            "route.2703635486.network_interface_id": "",
                            "route.2703635486.vpc_peering_connection_id": "pcx-3299285b",
                            "route.2841948297.cidr_block": "10.126.4.0/22",
                            "route.2841948297.egress_only_gateway_id": "",
                            "route.2841948297.gateway_id": "",
                            "route.2841948297.instance_id": "",
                            "route.2841948297.ipv6_cidr_block": "",
                            "route.2841948297.nat_gateway_id": "",
                            "route.2841948297.network_interface_id": "",
                            "route.2841948297.vpc_peering_connection_id": "pcx-6e52e807",
                            "route.4280145908.cidr_block": "10.122.64.0/20",
                            "route.4280145908.egress_only_gateway_id": "",
                            "route.4280145908.gateway_id": "",
                            "route.4280145908.instance_id": "",
                            "route.4280145908.ipv6_cidr_block": "",
                            "route.4280145908.nat_gateway_id": "",
                            "route.4280145908.network_interface_id": "",
                            "route.4280145908.vpc_peering_connection_id": "pcx-c6ac13af",
                            "tags.%": "6",
                            "tags.KubernetesCluster": "us-west-2_jive-microservices-pipeline",
                            "tags.Name": "pipeline-public-routetable",
                            "tags.account_name": "jive-microservices-pipeline",
                            "tags.pipeline_phase": "pipeline",
                            "tags.region": "us-west-2",
                            "tags.sla": "non-prod",
                            "vpc_id": "vpc-895e96ed"
                        },
                        "meta": {},
                        "tainted": false
                    },
                    "deposed": [],
                    "provider": ""
                },
                "aws_route_table_association.natdc.0": {
                    "type": "aws_route_table_association",
                    "depends_on": [
                        "aws_route_table.natdc.*",
                        "aws_subnet.natdc.*"
                    ],
                    "primary": {
                        "id": "rtbassoc-293f774d",
                        "attributes": {
                            "id": "rtbassoc-293f774d",
                            "route_table_id": "rtb-6c7fca08",
                            "subnet_id": "subnet-97fb0fe1"
                        },
                        "meta": {},
                        "tainted": false
                    },
                    "deposed": [],
                    "provider": ""
                },
                "aws_route_table_association.natdc.1": {
                    "type": "aws_route_table_association",
                    "depends_on": [
                        "aws_route_table.natdc.*",
                        "aws_subnet.natdc.*"
                    ],
                    "primary": {
                        "id": "rtbassoc-1e3df467",
                        "attributes": {
                            "id": "rtbassoc-1e3df467",
                            "route_table_id": "rtb-ae964ac8",
                            "subnet_id": "subnet-ace1e0f5"
                        },
                        "meta": {},
                        "tainted": false
                    },
                    "deposed": [],
                    "provider": ""
                },
                "aws_route_table_association.natdc.2": {
                    "type": "aws_route_table_association",
                    "depends_on": [
                        "aws_route_table.natdc.*",
                        "aws_subnet.natdc.*"
                    ],
                    "primary": {
                        "id": "rtbassoc-693ef710",
                        "attributes": {
                            "id": "rtbassoc-693ef710",
                            "route_table_id": "rtb-609b4706",
                            "subnet_id": "subnet-ada073c9"
                        },
                        "meta": {},
                        "tainted": false
                    },
                    "deposed": [],
                    "provider": ""
                },
                "aws_route_table_association.private.0": {
                    "type": "aws_route_table_association",
                    "depends_on": [
                        "aws_route_table.private",
                        "aws_subnet.private"
                    ],
                    "primary": {
                        "id": "rtbassoc-223f7746",
                        "attributes": {
                            "id": "rtbassoc-223f7746",
                            "route_table_id": "rtb-627fca06",
                            "subnet_id": "subnet-aca073c8"
                        },
                        "meta": {},
                        "tainted": false
                    },
                    "deposed": [],
                    "provider": ""
                },
                "aws_route_table_association.private.1": {
                    "type": "aws_route_table_association",
                    "depends_on": [
                        "aws_route_table.private",
                        "aws_subnet.private"
                    ],
                    "primary": {
                        "id": "rtbassoc-2c3f7748",
                        "attributes": {
                            "id": "rtbassoc-2c3f7748",
                            "route_table_id": "rtb-627fca06",
                            "subnet_id": "subnet-96fb0fe0"
                        },
                        "meta": {},
                        "tainted": false
                    },
                    "deposed": [],
                    "provider": ""
                },
                "aws_route_table_association.private.2": {
                    "type": "aws_route_table_association",
                    "depends_on": [
                        "aws_route_table.private",
                        "aws_subnet.private"
                    ],
                    "primary": {
                        "id": "rtbassoc-233f7747",
                        "attributes": {
                            "id": "rtbassoc-233f7747",
                            "route_table_id": "rtb-627fca06",
                            "subnet_id": "subnet-ade1e0f4"
                        },
                        "meta": {},
                        "tainted": false
                    },
                    "deposed": [],
                    "provider": ""
                },
                "aws_route_table_association.public.0": {
                    "type": "aws_route_table_association",
                    "depends_on": [
                        "aws_route_table.public",
                        "aws_subnet.public"
                    ],
                    "primary": {
                        "id": "rtbassoc-2e3f774a",
                        "attributes": {
                            "id": "rtbassoc-2e3f774a",
                            "route_table_id": "rtb-637fca07",
                            "subnet_id": "subnet-a3a073c7"
                        },
                        "meta": {},
                        "tainted": false
                    },
                    "deposed": [],
                    "provider": ""
                },
                "aws_route_table_association.public.1": {
                    "type": "aws_route_table_association",
                    "depends_on": [
                        "aws_route_table.public",
                        "aws_subnet.public"
                    ],
                    "primary": {
                        "id": "rtbassoc-2f3f774b",
                        "attributes": {
                            "id": "rtbassoc-2f3f774b",
                            "route_table_id": "rtb-637fca07",
                            "subnet_id": "subnet-94fb0fe2"
                        },
                        "meta": {},
                        "tainted": false
                    },
                    "deposed": [],
                    "provider": ""
                },
                "aws_route_table_association.public.2": {
                    "type": "aws_route_table_association",
                    "depends_on": [
                        "aws_route_table.public",
                        "aws_subnet.public"
                    ],
                    "primary": {
                        "id": "rtbassoc-2d3f7749",
                        "attributes": {
                            "id": "rtbassoc-2d3f7749",
                            "route_table_id": "rtb-637fca07",
                            "subnet_id": "subnet-abe1e0f2"
                        },
                        "meta": {},
                        "tainted": false
                    },
                    "deposed": [],
                    "provider": ""
                },
                "aws_route_table_association.public_addition.0": {
                    "type": "aws_route_table_association",
                    "depends_on": [
                        "aws_route_table.public",
                        "aws_subnet.public_addition.*"
                    ],
                    "primary": {
                        "id": "rtbassoc-107c0f69",
                        "attributes": {
                            "id": "rtbassoc-107c0f69",
                            "route_table_id": "rtb-637fca07",
                            "subnet_id": "subnet-4dcbf32a"
                        },
                        "meta": {},
                        "tainted": false
                    },
                    "deposed": [],
                    "provider": ""
                },
                "aws_route_table_association.public_addition.1": {
                    "type": "aws_route_table_association",
                    "depends_on": [
                        "aws_route_table.public",
                        "aws_subnet.public_addition.*"
                    ],
                    "primary": {
                        "id": "rtbassoc-ca7d0eb3",
                        "attributes": {
                            "id": "rtbassoc-ca7d0eb3",
                            "route_table_id": "rtb-637fca07",
                            "subnet_id": "subnet-5087d419"
                        },
                        "meta": {},
                        "tainted": false
                    },
                    "deposed": [],
                    "provider": ""
                },
                "aws_route_table_association.public_addition.2": {
                    "type": "aws_route_table_association",
                    "depends_on": [
                        "aws_route_table.public",
                        "aws_subnet.public_addition.*"
                    ],
                    "primary": {
                        "id": "rtbassoc-627e0d1b",
                        "attributes": {
                            "id": "rtbassoc-627e0d1b",
                            "route_table_id": "rtb-637fca07",
                            "subnet_id": "subnet-6023fb3b"
                        },
                        "meta": {},
                        "tainted": false
                    },
                    "deposed": [],
                    "provider": ""
                },
                "aws_security_group.env_instance": {
                    "type": "aws_security_group",
                    "depends_on": [
                        "aws_vpc.main",
                        "data.aws_security_group.bastion"
                    ],
                    "primary": {
                        "id": "sg-c69fe5a1",
                        "attributes": {
                            "description": "All instances within the evironment",
                            "egress.#": "1",
                            "egress.482069346.cidr_blocks.#": "1",
                            "egress.482069346.cidr_blocks.0": "0.0.0.0/0",
                            "egress.482069346.from_port": "0",
                            "egress.482069346.ipv6_cidr_blocks.#": "0",
                            "egress.482069346.prefix_list_ids.#": "0",
                            "egress.482069346.protocol": "-1",
                            "egress.482069346.security_groups.#": "0",
                            "egress.482069346.self": "false",
                            "egress.482069346.to_port": "0",
                            "id": "sg-c69fe5a1",
                            "ingress.#": "2",
                            "ingress.2951219055.cidr_blocks.#": "0",
                            "ingress.2951219055.from_port": "8",
                            "ingress.2951219055.ipv6_cidr_blocks.#": "0",
                            "ingress.2951219055.protocol": "icmp",
                            "ingress.2951219055.security_groups.#": "1",
                            "ingress.2951219055.security_groups.2146047144": "sg-23aad044",
                            "ingress.2951219055.self": "false",
                            "ingress.2951219055.to_port": "0",
                            "ingress.312269004.cidr_blocks.#": "0",
                            "ingress.312269004.from_port": "22",
                            "ingress.312269004.ipv6_cidr_blocks.#": "0",
                            "ingress.312269004.protocol": "tcp",
                            "ingress.312269004.security_groups.#": "1",
                            "ingress.312269004.security_groups.2146047144": "sg-23aad044",
                            "ingress.312269004.self": "false",
                            "ingress.312269004.to_port": "22",
                            "name": "pipeline-instance",
                            "owner_id": "811034720611",
                            "tags.%": "5",
                            "tags.Name": "pipeline-instance",
                            "tags.account_name": "jive-microservices-pipeline",
                            "tags.pipeline_phase": "pipeline",
                            "tags.region": "us-west-2",
                            "tags.sla": "non-prod",
                            "vpc_id": "vpc-895e96ed"
                        },
                        "meta": {},
                        "tainted": false
                    },
                    "deposed": [],
                    "provider": ""
                },
                "aws_subnet.natdc.0": {
                    "type": "aws_subnet",
                    "depends_on": [
                        "aws_vpc.main"
                    ],
                    "primary": {
                        "id": "subnet-ada073c9",
                        "attributes": {
                            "assign_ipv6_address_on_creation": "false",
                            "availability_zone": "us-west-2a",
                            "cidr_block": "10.124.0.0/22",
                            "id": "subnet-ada073c9",
                            "map_public_ip_on_launch": "false",
                            "tags.%": "7",
                            "tags.KubernetesCluster": "us-west-2_jive-microservices-pipeline",
                            "tags.Name": "pipeline-natdc-subnet",
                            "tags.account_name": "jive-microservices-pipeline",
                            "tags.kubernetes.io/role/internal-elb": "us-west-2_jive-microservices-pipeline",
                            "tags.pipeline_phase": "pipeline",
                            "tags.region": "us-west-2",
                            "tags.sla": "non-prod",
                            "vpc_id": "vpc-895e96ed"
                        },
                        "meta": {
                            "schema_version": "1"
                        },
                        "tainted": false
                    },
                    "deposed": [],
                    "provider": ""
                },
                "aws_subnet.natdc.1": {
                    "type": "aws_subnet",
                    "depends_on": [
                        "aws_vpc.main"
                    ],
                    "primary": {
                        "id": "subnet-97fb0fe1",
                        "attributes": {
                            "assign_ipv6_address_on_creation": "false",
                            "availability_zone": "us-west-2b",
                            "cidr_block": "10.124.4.0/22",
                            "id": "subnet-97fb0fe1",
                            "map_public_ip_on_launch": "false",
                            "tags.%": "7",
                            "tags.KubernetesCluster": "us-west-2_jive-microservices-pipeline",
                            "tags.Name": "pipeline-natdc-subnet",
                            "tags.account_name": "jive-microservices-pipeline",
                            "tags.kubernetes.io/role/internal-elb": "us-west-2_jive-microservices-pipeline",
                            "tags.pipeline_phase": "pipeline",
                            "tags.region": "us-west-2",
                            "tags.sla": "non-prod",
                            "vpc_id": "vpc-895e96ed"
                        },
                        "meta": {
                            "schema_version": "1"
                        },
                        "tainted": false
                    },
                    "deposed": [],
                    "provider": ""
                },
                "aws_subnet.natdc.2": {
                    "type": "aws_subnet",
                    "depends_on": [
                        "aws_vpc.main"
                    ],
                    "primary": {
                        "id": "subnet-ace1e0f5",
                        "attributes": {
                            "assign_ipv6_address_on_creation": "false",
                            "availability_zone": "us-west-2c",
                            "cidr_block": "10.124.8.0/22",
                            "id": "subnet-ace1e0f5",
                            "map_public_ip_on_launch": "false",
                            "tags.%": "7",
                            "tags.KubernetesCluster": "us-west-2_jive-microservices-pipeline",
                            "tags.Name": "pipeline-natdc-subnet",
                            "tags.account_name": "jive-microservices-pipeline",
                            "tags.kubernetes.io/role/internal-elb": "us-west-2_jive-microservices-pipeline",
                            "tags.pipeline_phase": "pipeline",
                            "tags.region": "us-west-2",
                            "tags.sla": "non-prod",
                            "vpc_id": "vpc-895e96ed"
                        },
                        "meta": {
                            "schema_version": "1"
                        },
                        "tainted": false
                    },
                    "deposed": [],
                    "provider": ""
                },
                "aws_subnet.private.0": {
                    "type": "aws_subnet",
                    "depends_on": [
                        "aws_vpc.main"
                    ],
                    "primary": {
                        "id": "subnet-aca073c8",
                        "attributes": {
                            "assign_ipv6_address_on_creation": "false",
                            "availability_zone": "us-west-2a",
                            "cidr_block": "10.124.13.128/25",
                            "id": "subnet-aca073c8",
                            "map_public_ip_on_launch": "false",
                            "tags.%": "5",
                            "tags.Name": "pipeline-private-subnet",
                            "tags.account_name": "jive-microservices-pipeline",
                            "tags.pipeline_phase": "pipeline",
                            "tags.region": "us-west-2",
                            "tags.sla": "non-prod",
                            "vpc_id": "vpc-895e96ed"
                        },
                        "meta": {
                            "schema_version": "1"
                        },
                        "tainted": false
                    },
                    "deposed": [],
                    "provider": ""
                },
                "aws_subnet.private.1": {
                    "type": "aws_subnet",
                    "depends_on": [
                        "aws_vpc.main"
                    ],
                    "primary": {
                        "id": "subnet-96fb0fe0",
                        "attributes": {
                            "assign_ipv6_address_on_creation": "false",
                            "availability_zone": "us-west-2b",
                            "cidr_block": "10.124.14.0/25",
                            "id": "subnet-96fb0fe0",
                            "map_public_ip_on_launch": "false",
                            "tags.%": "5",
                            "tags.Name": "pipeline-private-subnet",
                            "tags.account_name": "jive-microservices-pipeline",
                            "tags.pipeline_phase": "pipeline",
                            "tags.region": "us-west-2",
                            "tags.sla": "non-prod",
                            "vpc_id": "vpc-895e96ed"
                        },
                        "meta": {
                            "schema_version": "1"
                        },
                        "tainted": false
                    },
                    "deposed": [],
                    "provider": ""
                },
                "aws_subnet.private.2": {
                    "type": "aws_subnet",
                    "depends_on": [
                        "aws_vpc.main"
                    ],
                    "primary": {
                        "id": "subnet-ade1e0f4",
                        "attributes": {
                            "assign_ipv6_address_on_creation": "false",
                            "availability_zone": "us-west-2c",
                            "cidr_block": "10.124.14.128/25",
                            "id": "subnet-ade1e0f4",
                            "map_public_ip_on_launch": "false",
                            "tags.%": "5",
                            "tags.Name": "pipeline-private-subnet",
                            "tags.account_name": "jive-microservices-pipeline",
                            "tags.pipeline_phase": "pipeline",
                            "tags.region": "us-west-2",
                            "tags.sla": "non-prod",
                            "vpc_id": "vpc-895e96ed"
                        },
                        "meta": {
                            "schema_version": "1"
                        },
                        "tainted": false
                    },
                    "deposed": [],
                    "provider": ""
                },
                "aws_subnet.public.0": {
                    "type": "aws_subnet",
                    "depends_on": [
                        "aws_vpc.main"
                    ],
                    "primary": {
                        "id": "subnet-a3a073c7",
                        "attributes": {
                            "assign_ipv6_address_on_creation": "false",
                            "availability_zone": "us-west-2a",
                            "cidr_block": "10.124.12.0/25",
                            "id": "subnet-a3a073c7",
                            "map_public_ip_on_launch": "false",
                            "tags.%": "6",
                            "tags.KubernetesCluster": "us-west-2_jive-microservices-pipeline",
                            "tags.Name": "pipeline-public-subnet",
                            "tags.account_name": "jive-microservices-pipeline",
                            "tags.pipeline_phase": "pipeline",
                            "tags.region": "us-west-2",
                            "tags.sla": "non-prod",
                            "vpc_id": "vpc-895e96ed"
                        },
                        "meta": {
                            "schema_version": "1"
                        },
                        "tainted": false
                    },
                    "deposed": [],
                    "provider": ""
                },
                "aws_subnet.public.1": {
                    "type": "aws_subnet",
                    "depends_on": [
                        "aws_vpc.main"
                    ],
                    "primary": {
                        "id": "subnet-94fb0fe2",
                        "attributes": {
                            "assign_ipv6_address_on_creation": "false",
                            "availability_zone": "us-west-2b",
                            "cidr_block": "10.124.12.128/25",
                            "id": "subnet-94fb0fe2",
                            "map_public_ip_on_launch": "false",
                            "tags.%": "6",
                            "tags.KubernetesCluster": "us-west-2_jive-microservices-pipeline",
                            "tags.Name": "pipeline-public-subnet",
                            "tags.account_name": "jive-microservices-pipeline",
                            "tags.pipeline_phase": "pipeline",
                            "tags.region": "us-west-2",
                            "tags.sla": "non-prod",
                            "vpc_id": "vpc-895e96ed"
                        },
                        "meta": {
                            "schema_version": "1"
                        },
                        "tainted": false
                    },
                    "deposed": [],
                    "provider": ""
                },
                "aws_subnet.public.2": {
                    "type": "aws_subnet",
                    "depends_on": [
                        "aws_vpc.main"
                    ],
                    "primary": {
                        "id": "subnet-abe1e0f2",
                        "attributes": {
                            "assign_ipv6_address_on_creation": "false",
                            "availability_zone": "us-west-2c",
                            "cidr_block": "10.124.13.0/25",
                            "id": "subnet-abe1e0f2",
                            "map_public_ip_on_launch": "false",
                            "tags.%": "6",
                            "tags.KubernetesCluster": "us-west-2_jive-microservices-pipeline",
                            "tags.Name": "pipeline-public-subnet",
                            "tags.account_name": "jive-microservices-pipeline",
                            "tags.pipeline_phase": "pipeline",
                            "tags.region": "us-west-2",
                            "tags.sla": "non-prod",
                            "vpc_id": "vpc-895e96ed"
                        },
                        "meta": {
                            "schema_version": "1"
                        },
                        "tainted": false
                    },
                    "deposed": [],
                    "provider": ""
                },
                "aws_subnet.public_addition.0": {
                    "type": "aws_subnet",
                    "depends_on": [
                        "aws_vpc.main"
                    ],
                    "primary": {
                        "id": "subnet-4dcbf32a",
                        "attributes": {
                            "assign_ipv6_address_on_creation": "false",
                            "availability_zone": "us-west-2a",
                            "cidr_block": "10.124.15.0/26",
                            "id": "subnet-4dcbf32a",
                            "map_public_ip_on_launch": "false",
                            "tags.%": "6",
                            "tags.KubernetesCluster": "us-west-2_jive-microservices-pipeline",
                            "tags.Name": "pipeline-public-subnet-addition",
                            "tags.account_name": "jive-microservices-pipeline",
                            "tags.pipeline_phase": "pipeline",
                            "tags.region": "us-west-2",
                            "tags.sla": "non-prod",
                            "vpc_id": "vpc-895e96ed"
                        },
                        "meta": {
                            "schema_version": "1"
                        },
                        "tainted": false
                    },
                    "deposed": [],
                    "provider": ""
                },
                "aws_subnet.public_addition.1": {
                    "type": "aws_subnet",
                    "depends_on": [
                        "aws_vpc.main"
                    ],
                    "primary": {
                        "id": "subnet-5087d419",
                        "attributes": {
                            "assign_ipv6_address_on_creation": "false",
                            "availability_zone": "us-west-2b",
                            "cidr_block": "10.124.15.64/26",
                            "id": "subnet-5087d419",
                            "map_public_ip_on_launch": "false",
                            "tags.%": "6",
                            "tags.KubernetesCluster": "us-west-2_jive-microservices-pipeline",
                            "tags.Name": "pipeline-public-subnet-addition",
                            "tags.account_name": "jive-microservices-pipeline",
                            "tags.pipeline_phase": "pipeline",
                            "tags.region": "us-west-2",
                            "tags.sla": "non-prod",
                            "vpc_id": "vpc-895e96ed"
                        },
                        "meta": {
                            "schema_version": "1"
                        },
                        "tainted": false
                    },
                    "deposed": [],
                    "provider": ""
                },
                "aws_subnet.public_addition.2": {
                    "type": "aws_subnet",
                    "depends_on": [
                        "aws_vpc.main"
                    ],
                    "primary": {
                        "id": "subnet-6023fb3b",
                        "attributes": {
                            "assign_ipv6_address_on_creation": "false",
                            "availability_zone": "us-west-2c",
                            "cidr_block": "10.124.15.128/26",
                            "id": "subnet-6023fb3b",
                            "map_public_ip_on_launch": "false",
                            "tags.%": "6",
                            "tags.KubernetesCluster": "us-west-2_jive-microservices-pipeline",
                            "tags.Name": "pipeline-public-subnet-addition",
                            "tags.account_name": "jive-microservices-pipeline",
                            "tags.pipeline_phase": "pipeline",
                            "tags.region": "us-west-2",
                            "tags.sla": "non-prod",
                            "vpc_id": "vpc-895e96ed"
                        },
                        "meta": {
                            "schema_version": "1"
                        },
                        "tainted": false
                    },
                    "deposed": [],
                    "provider": ""
                },
                "aws_vpc.main": {
                    "type": "aws_vpc",
                    "depends_on": [],
                    "primary": {
                        "id": "vpc-895e96ed",
                        "attributes": {
                            "assign_generated_ipv6_cidr_block": "false",
                            "cidr_block": "10.124.0.0/20",
                            "default_network_acl_id": "acl-836bb2e7",
                            "default_route_table_id": "rtb-7e7cc91a",
                            "default_security_group_id": "sg-fc9fe59b",
                            "dhcp_options_id": "dopt-a5a8cec0",
                            "enable_classiclink": "false",
                            "enable_dns_hostnames": "true",
                            "enable_dns_support": "true",
                            "id": "vpc-895e96ed",
                            "instance_tenancy": "default",
                            "main_route_table_id": "rtb-7e7cc91a",
                            "tags.%": "5",
                            "tags.Name": "pipeline-vpc",
                            "tags.account_name": "jive-microservices-pipeline",
                            "tags.pipeline_phase": "pipeline",
                            "tags.region": "us-west-2",
                            "tags.sla": "non-prod"
                        },
                        "meta": {
                            "schema_version": "1"
                        },
                        "tainted": false
                    },
                    "deposed": [],
                    "provider": ""
                },
                "aws_vpc_peering_connection.bikou": {
                    "type": "aws_vpc_peering_connection",
                    "depends_on": [
                        "aws_vpc.main"
                    ],
                    "primary": {
                        "id": "pcx-79199110",
                        "attributes": {
                            "accept_status": "active",
                            "accepter.#": "0",
                            "id": "pcx-79199110",
                            "peer_owner_id": "417900408555",
                            "peer_vpc_id": "vpc-d3272bb6",
                            "requester.#": "1",
                            "requester.3244290774.allow_classic_link_to_remote_vpc": "false",
                            "requester.3244290774.allow_remote_vpc_dns_resolution": "false",
                            "requester.3244290774.allow_vpc_to_remote_classic_link": "false",
                            "tags.%": "5",
                            "tags.Name": "pipeline_to_bikou",
                            "tags.account_name": "jive-microservices-pipeline",
                            "tags.pipeline_phase": "pipeline",
                            "tags.region": "us-west-2",
                            "tags.sla": "non-prod",
                            "vpc_id": "vpc-895e96ed"
                        },
                        "meta": {},
                        "tainted": false
                    },
                    "deposed": [],
                    "provider": ""
                },
                "aws_vpc_peering_connection.data_integ": {
                    "type": "aws_vpc_peering_connection",
                    "depends_on": [
                        "aws_vpc.main"
                    ],
                    "primary": {
                        "id": "pcx-3299285b",
                        "attributes": {
                            "accept_status": "active",
                            "accepter.#": "0",
                            "id": "pcx-3299285b",
                            "peer_owner_id": "999547976641",
                            "peer_vpc_id": "vpc-5e92383a",
                            "requester.#": "1",
                            "requester.3244290774.allow_classic_link_to_remote_vpc": "false",
                            "requester.3244290774.allow_remote_vpc_dns_resolution": "false",
                            "requester.3244290774.allow_vpc_to_remote_classic_link": "false",
                            "tags.%": "5",
                            "tags.Name": "pipeline_to_data_account_integ",
                            "tags.account_name": "jive-microservices-pipeline",
                            "tags.pipeline_phase": "pipeline",
                            "tags.region": "us-west-2",
                            "tags.sla": "non-prod",
                            "vpc_id": "vpc-895e96ed"
                        },
                        "meta": {},
                        "tainted": false
                    },
                    "deposed": [],
                    "provider": ""
                },
                "aws_vpc_peering_connection.data_release": {
                    "type": "aws_vpc_peering_connection",
                    "depends_on": [
                        "aws_vpc.main"
                    ],
                    "primary": {
                        "id": "pcx-3499285d",
                        "attributes": {
                            "accept_status": "active",
                            "accepter.#": "0",
                            "id": "pcx-3499285d",
                            "peer_owner_id": "999547976641",
                            "peer_vpc_id": "vpc-748e3b10",
                            "requester.#": "1",
                            "requester.3244290774.allow_classic_link_to_remote_vpc": "false",
                            "requester.3244290774.allow_remote_vpc_dns_resolution": "false",
                            "requester.3244290774.allow_vpc_to_remote_classic_link": "false",
                            "tags.%": "5",
                            "tags.Name": "pipeline_to_data_account_release",
                            "tags.account_name": "jive-microservices-pipeline",
                            "tags.pipeline_phase": "pipeline",
                            "tags.region": "us-west-2",
                            "tags.sla": "non-prod",
                            "vpc_id": "vpc-895e96ed"
                        },
                        "meta": {},
                        "tainted": false
                    },
                    "deposed": [],
                    "provider": ""
                },
                "aws_vpc_peering_connection.data_test": {
                    "type": "aws_vpc_peering_connection",
                    "depends_on": [
                        "aws_vpc.main"
                    ],
                    "primary": {
                        "id": "pcx-3599285c",
                        "attributes": {
                            "accept_status": "active",
                            "accepter.#": "0",
                            "id": "pcx-3599285c",
                            "peer_owner_id": "999547976641",
                            "peer_vpc_id": "vpc-a69238c2",
                            "requester.#": "1",
                            "requester.3244290774.allow_classic_link_to_remote_vpc": "false",
                            "requester.3244290774.allow_remote_vpc_dns_resolution": "false",
                            "requester.3244290774.allow_vpc_to_remote_classic_link": "false",
                            "tags.%": "5",
                            "tags.Name": "pipeline_to_data_account_test",
                            "tags.account_name": "jive-microservices-pipeline",
                            "tags.pipeline_phase": "pipeline",
                            "tags.region": "us-west-2",
                            "tags.sla": "non-prod",
                            "vpc_id": "vpc-895e96ed"
                        },
                        "meta": {},
                        "tainted": false
                    },
                    "deposed": [],
                    "provider": ""
                },
                "aws_vpc_peering_connection.infra": {
                    "type": "aws_vpc_peering_connection",
                    "depends_on": [
                        "aws_vpc.main"
                    ],
                    "primary": {
                        "id": "pcx-da4be9b3",
                        "attributes": {
                            "accept_status": "active",
                            "accepter.#": "1",
                            "accepter.3244290774.allow_classic_link_to_remote_vpc": "false",
                            "accepter.3244290774.allow_remote_vpc_dns_resolution": "false",
                            "accepter.3244290774.allow_vpc_to_remote_classic_link": "false",
                            "auto_accept": "true",
                            "id": "pcx-da4be9b3",
                            "peer_owner_id": "811034720611",
                            "peer_vpc_id": "vpc-27468e43",
                            "requester.#": "1",
                            "requester.3244290774.allow_classic_link_to_remote_vpc": "false",
                            "requester.3244290774.allow_remote_vpc_dns_resolution": "false",
                            "requester.3244290774.allow_vpc_to_remote_classic_link": "false",
                            "tags.%": "5",
                            "tags.Name": "pipeline_to_infra-jive-microservices-pipeline",
                            "tags.account_name": "jive-microservices-pipeline",
                            "tags.pipeline_phase": "pipeline",
                            "tags.region": "us-west-2",
                            "tags.sla": "non-prod",
                            "vpc_id": "vpc-895e96ed"
                        },
                        "meta": {},
                        "tainted": false
                    },
                    "deposed": [],
                    "provider": ""
                },
                "aws_vpc_peering_connection.jcx": {
                    "type": "aws_vpc_peering_connection",
                    "depends_on": [
                        "aws_vpc.main"
                    ],
                    "primary": {
                        "id": "pcx-c6ac13af",
                        "attributes": {
                            "accept_status": "active",
                            "accepter.#": "1",
                            "accepter.3244290774.allow_classic_link_to_remote_vpc": "false",
                            "accepter.3244290774.allow_remote_vpc_dns_resolution": "false",
                            "accepter.3244290774.allow_vpc_to_remote_classic_link": "false",
                            "auto_accept": "true",
                            "id": "pcx-c6ac13af",
                            "peer_owner_id": "811034720611",
                            "peer_vpc_id": "vpc-52c5e836",
                            "requester.#": "1",
                            "requester.3244290774.allow_classic_link_to_remote_vpc": "false",
                            "requester.3244290774.allow_remote_vpc_dns_resolution": "false",
                            "requester.3244290774.allow_vpc_to_remote_classic_link": "false",
                            "tags.%": "5",
                            "tags.Name": "pipeline_to_jcx_component_vpc",
                            "tags.account_name": "jive-microservices-pipeline",
                            "tags.pipeline_phase": "pipeline",
                            "tags.region": "us-west-2",
                            "tags.sla": "non-prod",
                            "vpc_id": "vpc-895e96ed"
                        },
                        "meta": {},
                        "tainted": false
                    },
                    "deposed": [],
                    "provider": ""
                },
                "aws_vpc_peering_connection.reco_integ": {
                    "type": "aws_vpc_peering_connection",
                    "depends_on": [
                        "aws_vpc.main"
                    ],
                    "primary": {
                        "id": "pcx-6f52e806",
                        "attributes": {
                            "accept_status": "active",
                            "accepter.#": "0",
                            "id": "pcx-6f52e806",
                            "peer_owner_id": "642745549043",
                            "peer_vpc_id": "vpc-901faaf4",
                            "requester.#": "1",
                            "requester.3244290774.allow_classic_link_to_remote_vpc": "false",
                            "requester.3244290774.allow_remote_vpc_dns_resolution": "false",
                            "requester.3244290774.allow_vpc_to_remote_classic_link": "false",
                            "tags.%": "5",
                            "tags.Name": "pipeline_to_reco_account_integ",
                            "tags.account_name": "jive-microservices-pipeline",
                            "tags.pipeline_phase": "pipeline",
                            "tags.region": "us-west-2",
                            "tags.sla": "non-prod",
                            "vpc_id": "vpc-895e96ed"
                        },
                        "meta": {},
                        "tainted": false
                    },
                    "deposed": [],
                    "provider": ""
                },
                "aws_vpc_peering_connection.reco_release": {
                    "type": "aws_vpc_peering_connection",
                    "depends_on": [
                        "aws_vpc.main"
                    ],
                    "primary": {
                        "id": "pcx-6152e808",
                        "attributes": {
                            "accept_status": "active",
                            "accepter.#": "0",
                            "id": "pcx-6152e808",
                            "peer_owner_id": "642745549043",
                            "peer_vpc_id": "vpc-651aaf01",
                            "requester.#": "1",
                            "requester.3244290774.allow_classic_link_to_remote_vpc": "false",
                            "requester.3244290774.allow_remote_vpc_dns_resolution": "false",
                            "requester.3244290774.allow_vpc_to_remote_classic_link": "false",
                            "tags.%": "5",
                            "tags.Name": "pipeline_to_reco_account_release",
                            "tags.account_name": "jive-microservices-pipeline",
                            "tags.pipeline_phase": "pipeline",
                            "tags.region": "us-west-2",
                            "tags.sla": "non-prod",
                            "vpc_id": "vpc-895e96ed"
                        },
                        "meta": {},
                        "tainted": false
                    },
                    "deposed": [],
                    "provider": ""
                },
                "aws_vpc_peering_connection.reco_test": {
                    "type": "aws_vpc_peering_connection",
                    "depends_on": [
                        "aws_vpc.main"
                    ],
                    "primary": {
                        "id": "pcx-6e52e807",
                        "attributes": {
                            "accept_status": "active",
                            "accepter.#": "0",
                            "id": "pcx-6e52e807",
                            "peer_owner_id": "642745549043",
                            "peer_vpc_id": "vpc-ea19ac8e",
                            "requester.#": "1",
                            "requester.3244290774.allow_classic_link_to_remote_vpc": "false",
                            "requester.3244290774.allow_remote_vpc_dns_resolution": "false",
                            "requester.3244290774.allow_vpc_to_remote_classic_link": "false",
                            "tags.%": "5",
                            "tags.Name": "pipeline_to_reco_account_test",
                            "tags.account_name": "jive-microservices-pipeline",
                            "tags.pipeline_phase": "pipeline",
                            "tags.region": "us-west-2",
                            "tags.sla": "non-prod",
                            "vpc_id": "vpc-895e96ed"
                        },
                        "meta": {},
                        "tainted": false
                    },
                    "deposed": [],
                    "provider": ""
                },
                "aws_vpn_connection.corp_main": {
                    "type": "aws_vpn_connection",
                    "depends_on": [
                        "aws_vpn_gateway.vgw"
                    ],
                    "primary": {
                        "id": "vpn-cdb2a9df",
                        "attributes": {
                            "customer_gateway_configuration": "\u003c?xml version=\"1.0\" encoding=\"UTF-8\"?\u003e\n\u003cvpn_connection id=\"vpn-cdb2a9df\"\u003e\n  \u003ccustomer_gateway_id\u003ecgw-27944f39\u003c/customer_gateway_id\u003e\n  \u003cvpn_gateway_id\u003evgw-519c454f\u003c/vpn_gateway_id\u003e\n  \u003cvpn_connection_type\u003eipsec.1\u003c/vpn_connection_type\u003e\n  \u003cvpn_connection_attributes\u003eNoBGPVPNConnection\u003c/vpn_connection_attributes\u003e\n  \u003cipsec_tunnel\u003e\n    \u003ccustomer_gateway\u003e\n      \u003ctunnel_outside_address\u003e\n        \u003cip_address\u003e204.93.66.3\u003c/ip_address\u003e\n      \u003c/tunnel_outside_address\u003e\n      \u003ctunnel_inside_address\u003e\n        \u003cip_address\u003e169.254.14.94\u003c/ip_address\u003e\n        \u003cnetwork_mask\u003e255.255.255.252\u003c/network_mask\u003e\n        \u003cnetwork_cidr\u003e30\u003c/network_cidr\u003e\n      \u003c/tunnel_inside_address\u003e\n    \u003c/customer_gateway\u003e\n    \u003cvpn_gateway\u003e\n      \u003ctunnel_outside_address\u003e\n        \u003cip_address\u003e35.167.37.159\u003c/ip_address\u003e\n      \u003c/tunnel_outside_address\u003e\n      \u003ctunnel_inside_address\u003e\n        \u003cip_address\u003e169.254.14.93\u003c/ip_address\u003e\n        \u003cnetwork_mask\u003e255.255.255.252\u003c/network_mask\u003e\n        \u003cnetwork_cidr\u003e30\u003c/network_cidr\u003e\n      \u003c/tunnel_inside_address\u003e\n    \u003c/vpn_gateway\u003e\n    \u003cike\u003e\n      \u003cauthentication_protocol\u003esha1\u003c/authentication_protocol\u003e\n      \u003cencryption_protocol\u003eaes-128-cbc\u003c/encryption_protocol\u003e\n      \u003clifetime\u003e28800\u003c/lifetime\u003e\n      \u003cperfect_forward_secrecy\u003egroup2\u003c/perfect_forward_secrecy\u003e\n      \u003cmode\u003emain\u003c/mode\u003e\n      \u003cpre_shared_key\u003eDQaTUQpJ5S6_6J1HYnhoxF5zQjHZoJTM\u003c/pre_shared_key\u003e\n    \u003c/ike\u003e\n    \u003cipsec\u003e\n      \u003cprotocol\u003eesp\u003c/protocol\u003e\n      \u003cauthentication_protocol\u003ehmac-sha1-96\u003c/authentication_protocol\u003e\n      \u003cencryption_protocol\u003eaes-128-cbc\u003c/encryption_protocol\u003e\n      \u003clifetime\u003e3600\u003c/lifetime\u003e\n      \u003cperfect_forward_secrecy\u003egroup2\u003c/perfect_forward_secrecy\u003e\n      \u003cmode\u003etunnel\u003c/mode\u003e\n      \u003cclear_df_bit\u003etrue\u003c/clear_df_bit\u003e\n      \u003cfragmentation_before_encryption\u003etrue\u003c/fragmentation_before_encryption\u003e\n      \u003ctcp_mss_adjustment\u003e1379\u003c/tcp_mss_adjustment\u003e\n      \u003cdead_peer_detection\u003e\n        \u003cinterval\u003e10\u003c/interval\u003e\n        \u003cretries\u003e3\u003c/retries\u003e\n      \u003c/dead_peer_detection\u003e\n    \u003c/ipsec\u003e\n  \u003c/ipsec_tunnel\u003e\n  \u003cipsec_tunnel\u003e\n    \u003ccustomer_gateway\u003e\n      \u003ctunnel_outside_address\u003e\n        \u003cip_address\u003e204.93.66.3\u003c/ip_address\u003e\n      \u003c/tunnel_outside_address\u003e\n      \u003ctunnel_inside_address\u003e\n        \u003cip_address\u003e169.254.14.174\u003c/ip_address\u003e\n        \u003cnetwork_mask\u003e255.255.255.252\u003c/network_mask\u003e\n        \u003cnetwork_cidr\u003e30\u003c/network_cidr\u003e\n      \u003c/tunnel_inside_address\u003e\n    \u003c/customer_gateway\u003e\n    \u003cvpn_gateway\u003e\n      \u003ctunnel_outside_address\u003e\n        \u003cip_address\u003e52.43.199.107\u003c/ip_address\u003e\n      \u003c/tunnel_outside_address\u003e\n      \u003ctunnel_inside_address\u003e\n        \u003cip_address\u003e169.254.14.173\u003c/ip_address\u003e\n        \u003cnetwork_mask\u003e255.255.255.252\u003c/network_mask\u003e\n        \u003cnetwork_cidr\u003e30\u003c/network_cidr\u003e\n      \u003c/tunnel_inside_address\u003e\n    \u003c/vpn_gateway\u003e\n    \u003cike\u003e\n      \u003cauthentication_protocol\u003esha1\u003c/authentication_protocol\u003e\n      \u003cencryption_protocol\u003eaes-128-cbc\u003c/encryption_protocol\u003e\n      \u003clifetime\u003e28800\u003c/lifetime\u003e\n      \u003cperfect_forward_secrecy\u003egroup2\u003c/perfect_forward_secrecy\u003e\n      \u003cmode\u003emain\u003c/mode\u003e\n      \u003cpre_shared_key\u003ecXltrckyvwPJwmIi.I5d1catgoxDOtme\u003c/pre_shared_key\u003e\n    \u003c/ike\u003e\n    \u003cipsec\u003e\n      \u003cprotocol\u003eesp\u003c/protocol\u003e\n      \u003cauthentication_protocol\u003ehmac-sha1-96\u003c/authentication_protocol\u003e\n      \u003cencryption_protocol\u003eaes-128-cbc\u003c/encryption_protocol\u003e\n      \u003clifetime\u003e3600\u003c/lifetime\u003e\n      \u003cperfect_forward_secrecy\u003egroup2\u003c/perfect_forward_secrecy\u003e\n      \u003cmode\u003etunnel\u003c/mode\u003e\n      \u003cclear_df_bit\u003etrue\u003c/clear_df_bit\u003e\n      \u003cfragmentation_before_encryption\u003etrue\u003c/fragmentation_before_encryption\u003e\n      \u003ctcp_mss_adjustment\u003e1379\u003c/tcp_mss_adjustment\u003e\n      \u003cdead_peer_detection\u003e\n        \u003cinterval\u003e10\u003c/interval\u003e\n        \u003cretries\u003e3\u003c/retries\u003e\n      \u003c/dead_peer_detection\u003e\n    \u003c/ipsec\u003e\n  \u003c/ipsec_tunnel\u003e\n\u003c/vpn_connection\u003e",
                            "customer_gateway_id": "cgw-27944f39",
                            "id": "vpn-cdb2a9df",
                            "routes.#": "0",
                            "static_routes_only": "true",
                            "tags.%": "5",
                            "tags.Name": "pipeline-jive-vpn",
                            "tags.account_name": "jive-microservices-pipeline",
                            "tags.pipeline_phase": "pipeline",
                            "tags.region": "us-west-2",
                            "tags.sla": "non-prod",
                            "tunnel1_address": "35.167.37.159",
                            "tunnel1_preshared_key": "DQaTUQpJ5S6_6J1HYnhoxF5zQjHZoJTM",
                            "tunnel2_address": "52.43.199.107",
                            "tunnel2_preshared_key": "cXltrckyvwPJwmIi.I5d1catgoxDOtme",
                            "type": "ipsec.1",
                            "vgw_telemetry.#": "2",
                            "vgw_telemetry.2845026687.accepted_route_count": "0",
                            "vgw_telemetry.2845026687.last_status_change": "2017-08-01 23:53:20 +0000 UTC",
                            "vgw_telemetry.2845026687.outside_ip_address": "52.43.199.107",
                            "vgw_telemetry.2845026687.status": "DOWN",
                            "vgw_telemetry.2845026687.status_message": "",
                            "vgw_telemetry.412517729.accepted_route_count": "0",
                            "vgw_telemetry.412517729.last_status_change": "2017-08-01 23:51:56 +0000 UTC",
                            "vgw_telemetry.412517729.outside_ip_address": "35.167.37.159",
                            "vgw_telemetry.412517729.status": "DOWN",
                            "vgw_telemetry.412517729.status_message": "",
                            "vpn_gateway_id": "vgw-519c454f"
                        },
                        "meta": {},
                        "tainted": false
                    },
                    "deposed": [],
                    "provider": ""
                },
                "aws_vpn_connection_route.route_10_46": {
                    "type": "aws_vpn_connection_route",
                    "depends_on": [
                        "aws_vpn_connection.corp_main"
                    ],
                    "primary": {
                        "id": "10.46.0.0/16:vpn-cdb2a9df",
                        "attributes": {
                            "destination_cidr_block": "10.46.0.0/16",
                            "id": "10.46.0.0/16:vpn-cdb2a9df",
                            "vpn_connection_id": "vpn-cdb2a9df"
                        },
                        "meta": {},
                        "tainted": false
                    },
                    "deposed": [],
                    "provider": ""
                },
                "aws_vpn_connection_route.route_10_5": {
                    "type": "aws_vpn_connection_route",
                    "depends_on": [
                        "aws_vpn_connection.corp_main"
                    ],
                    "primary": {
                        "id": "10.5.0.0/16:vpn-cdb2a9df",
                        "attributes": {
                            "destination_cidr_block": "10.5.0.0/16",
                            "id": "10.5.0.0/16:vpn-cdb2a9df",
                            "vpn_connection_id": "vpn-cdb2a9df"
                        },
                        "meta": {},
                        "tainted": false
                    },
                    "deposed": [],
                    "provider": ""
                },
                "aws_vpn_connection_route.route_10_6": {
                    "type": "aws_vpn_connection_route",
                    "depends_on": [
                        "aws_vpn_connection.corp_main"
                    ],
                    "primary": {
                        "id": "10.6.0.0/16:vpn-cdb2a9df",
                        "attributes": {
                            "destination_cidr_block": "10.6.0.0/16",
                            "id": "10.6.0.0/16:vpn-cdb2a9df",
                            "vpn_connection_id": "vpn-cdb2a9df"
                        },
                        "meta": {},
                        "tainted": false
                    },
                    "deposed": [],
                    "provider": ""
                },
                "aws_vpn_connection_route.route_10_61": {
                    "type": "aws_vpn_connection_route",
                    "depends_on": [
                        "aws_vpn_connection.corp_main"
                    ],
                    "primary": {
                        "id": "10.61.0.0/16:vpn-cdb2a9df",
                        "attributes": {
                            "destination_cidr_block": "10.61.0.0/16",
                            "id": "10.61.0.0/16:vpn-cdb2a9df",
                            "vpn_connection_id": "vpn-cdb2a9df"
                        },
                        "meta": {},
                        "tainted": false
                    },
                    "deposed": [],
                    "provider": ""
                },
                "aws_vpn_connection_route.route_10_7": {
                    "type": "aws_vpn_connection_route",
                    "depends_on": [
                        "aws_vpn_connection.corp_main"
                    ],
                    "primary": {
                        "id": "10.7.0.0/16:vpn-cdb2a9df",
                        "attributes": {
                            "destination_cidr_block": "10.7.0.0/16",
                            "id": "10.7.0.0/16:vpn-cdb2a9df",
                            "vpn_connection_id": "vpn-cdb2a9df"
                        },
                        "meta": {},
                        "tainted": false
                    },
                    "deposed": [],
                    "provider": ""
                },
                "aws_vpn_connection_route.route_10_81": {
                    "type": "aws_vpn_connection_route",
                    "depends_on": [
                        "aws_vpn_connection.corp_main"
                    ],
                    "primary": {
                        "id": "10.81.0.0/16:vpn-cdb2a9df",
                        "attributes": {
                            "destination_cidr_block": "10.81.0.0/16",
                            "id": "10.81.0.0/16:vpn-cdb2a9df",
                            "vpn_connection_id": "vpn-cdb2a9df"
                        },
                        "meta": {},
                        "tainted": false
                    },
                    "deposed": [],
                    "provider": ""
                },
                "aws_vpn_connection_route.route_10_82": {
                    "type": "aws_vpn_connection_route",
                    "depends_on": [
                        "aws_vpn_connection.corp_main"
                    ],
                    "primary": {
                        "id": "10.82.0.0/16:vpn-cdb2a9df",
                        "attributes": {
                            "destination_cidr_block": "10.82.0.0/16",
                            "id": "10.82.0.0/16:vpn-cdb2a9df",
                            "vpn_connection_id": "vpn-cdb2a9df"
                        },
                        "meta": {},
                        "tainted": false
                    },
                    "deposed": [],
                    "provider": ""
                },
                "aws_vpn_connection_route.route_10_84": {
                    "type": "aws_vpn_connection_route",
                    "depends_on": [
                        "aws_vpn_connection.corp_main"
                    ],
                    "primary": {
                        "id": "10.84.0.0/16:vpn-cdb2a9df",
                        "attributes": {
                            "destination_cidr_block": "10.84.0.0/16",
                            "id": "10.84.0.0/16:vpn-cdb2a9df",
                            "vpn_connection_id": "vpn-cdb2a9df"
                        },
                        "meta": {},
                        "tainted": false
                    },
                    "deposed": [],
                    "provider": ""
                },
                "aws_vpn_gateway.vgw": {
                    "type": "aws_vpn_gateway",
                    "depends_on": [
                        "aws_vpc.main"
                    ],
                    "primary": {
                        "id": "vgw-519c454f",
                        "attributes": {
                            "availability_zone": "",
                            "id": "vgw-519c454f",
                            "tags.%": "7",
                            "tags.Name": "pipeline-vgw",
                            "tags.account_name": "jive-microservices-pipeline",
                            "tags.jive_service": "infrastructure",
                            "tags.pipeline_phase": "pipeline",
                            "tags.region": "us-west-2",
                            "tags.service_component": "vpn_gateway",
                            "tags.sla": "non-prod",
                            "vpc_id": "vpc-895e96ed"
                        },
                        "meta": {},
                        "tainted": false
                    },
                    "deposed": [],
                    "provider": ""
                },
                "data.aws_security_group.bastion": {
                    "type": "aws_security_group",
                    "depends_on": [],
                    "primary": {
                        "id": "sg-23aad044",
                        "attributes": {
                            "filter.#": "1",
                            "filter.1988431066.name": "tag:jive_service",
                            "filter.1988431066.values.#": "1",
                            "filter.1988431066.values.2480389212": "infrastructure",
                            "id": "sg-23aad044",
                            "name": "infra-pipeline-jive-phx-dc",
                            "tags.%": "6",
                            "tags.Name": "infra-pipeline-jive-phx-dc",
                            "tags.account_name": "jive-microservices-pipeline",
                            "tags.jive_service": "infrastructure",
                            "tags.pipeline_phase": "infra-pipeline",
                            "tags.region": "us-west-2",
                            "tags.sla": "non-prod",
                            "vpc_id": "vpc-27468e43"
                        },
                        "meta": {},
                        "tainted": false
                    },
                    "deposed": [],
                    "provider": ""
                }
            },
            "depends_on": []
        }
    ]
}
