{
    "version": 3,
    "terraform_version": "0.9.4",
    "serial": 9,
    "lineage": "05622a0f-3126-4190-a61d-6c4b41d08d99",
    "modules": [
        {
            "path": [
                "root"
            ],
            "outputs": {},
            "resources": {
                "aws_eip.natgw.0": {
                    "type": "aws_eip",
                    "depends_on": [],
                    "primary": {
                        "id": "eipalloc-039fa730",
                        "attributes": {
                            "association_id": "eipassoc-e0fe05d4",
                            "domain": "vpc",
                            "id": "eipalloc-039fa730",
                            "instance": "",
                            "network_interface": "eni-3f9ea09e",
                            "private_ip": "10.114.202.5",
                            "public_ip": "34.232.232.137",
                            "vpc": "true"
                        },
                        "meta": {},
                        "tainted": false
                    },
                    "deposed": [],
                    "provider": ""
                },
                "aws_eip.natgw.1": {
                    "type": "aws_eip",
                    "depends_on": [],
                    "primary": {
                        "id": "eipalloc-fd9ea6ce",
                        "attributes": {
                            "association_id": "eipassoc-2ff8031b",
                            "domain": "vpc",
                            "id": "eipalloc-fd9ea6ce",
                            "instance": "",
                            "network_interface": "eni-7d991da9",
                            "private_ip": "10.114.202.212",
                            "public_ip": "34.193.225.143",
                            "vpc": "true"
                        },
                        "meta": {},
                        "tainted": false
                    },
                    "deposed": [],
                    "provider": ""
                },
                "aws_eip.natgw.2": {
                    "type": "aws_eip",
                    "depends_on": [],
                    "primary": {
                        "id": "eipalloc-8390a8b0",
                        "attributes": {
                            "association_id": "eipassoc-d3f803e7",
                            "domain": "vpc",
                            "id": "eipalloc-8390a8b0",
                            "instance": "",
                            "network_interface": "eni-a54e930f",
                            "private_ip": "10.114.203.111",
                            "public_ip": "34.231.73.170",
                            "vpc": "true"
                        },
                        "meta": {},
                        "tainted": false
                    },
                    "deposed": [],
                    "provider": ""
                },
                "aws_eip.natgw.3": {
                    "type": "aws_eip",
                    "depends_on": [],
                    "primary": {
                        "id": "eipalloc-d49ca4e7",
                        "attributes": {
                            "association_id": "eipassoc-0bff043f",
                            "domain": "vpc",
                            "id": "eipalloc-d49ca4e7",
                            "instance": "",
                            "network_interface": "eni-37e4a920",
                            "private_ip": "10.114.203.170",
                            "public_ip": "34.234.19.243",
                            "vpc": "true"
                        },
                        "meta": {},
                        "tainted": false
                    },
                    "deposed": [],
                    "provider": ""
                },
                "aws_eip.natgw.4": {
                    "type": "aws_eip",
                    "depends_on": [],
                    "primary": {
                        "id": "eipalloc-8290a8b1",
                        "attributes": {
                            "association_id": "eipassoc-22fe0516",
                            "domain": "vpc",
                            "id": "eipalloc-8290a8b1",
                            "instance": "",
                            "network_interface": "eni-a60637a6",
                            "private_ip": "10.114.204.119",
                            "public_ip": "34.206.219.60",
                            "vpc": "true"
                        },
                        "meta": {},
                        "tainted": false
                    },
                    "deposed": [],
                    "provider": ""
                },
                "aws_internet_gateway.igw": {
                    "type": "aws_internet_gateway",
                    "depends_on": [
                        "aws_vpc.main"
                    ],
                    "primary": {
                        "id": "igw-408d8e26",
                        "attributes": {
                            "id": "igw-408d8e26",
                            "tags.%": "5",
                            "tags.Name": "pipeline-igw",
                            "tags.account_name": "jive-reco-sandbox",
                            "tags.pipeline_phase": "pipeline",
                            "tags.region": "us-east-1",
                            "tags.sla": "non-prod",
                            "vpc_id": "vpc-044a6a7d"
                        },
                        "meta": {},
                        "tainted": false
                    },
                    "deposed": [],
                    "provider": ""
                },
                "aws_nat_gateway.natgw.0": {
                    "type": "aws_nat_gateway",
                    "depends_on": [
                        "aws_eip.natgw.*",
                        "aws_internet_gateway.igw",
                        "aws_subnet.public.*"
                    ],
                    "primary": {
                        "id": "nat-051cab32572e0d4ad",
                        "attributes": {
                            "allocation_id": "eipalloc-039fa730",
                            "id": "nat-051cab32572e0d4ad",
                            "network_interface_id": "eni-3f9ea09e",
                            "private_ip": "10.114.202.5",
                            "public_ip": "34.232.232.137",
                            "subnet_id": "subnet-18d69e34"
                        },
                        "meta": {},
                        "tainted": false
                    },
                    "deposed": [],
                    "provider": ""
                },
                "aws_nat_gateway.natgw.1": {
                    "type": "aws_nat_gateway",
                    "depends_on": [
                        "aws_eip.natgw.*",
                        "aws_internet_gateway.igw",
                        "aws_subnet.public.*"
                    ],
                    "primary": {
                        "id": "nat-04b374429f5b3bf7f",
                        "attributes": {
                            "allocation_id": "eipalloc-fd9ea6ce",
                            "id": "nat-04b374429f5b3bf7f",
                            "network_interface_id": "eni-7d991da9",
                            "private_ip": "10.114.202.212",
                            "public_ip": "34.193.225.143",
                            "subnet_id": "subnet-0a262942"
                        },
                        "meta": {},
                        "tainted": false
                    },
                    "deposed": [],
                    "provider": ""
                },
                "aws_nat_gateway.natgw.2": {
                    "type": "aws_nat_gateway",
                    "depends_on": [
                        "aws_eip.natgw.*",
                        "aws_internet_gateway.igw",
                        "aws_subnet.public.*"
                    ],
                    "primary": {
                        "id": "nat-04bce56cce92281cb",
                        "attributes": {
                            "allocation_id": "eipalloc-8390a8b0",
                            "id": "nat-04bce56cce92281cb",
                            "network_interface_id": "eni-a54e930f",
                            "private_ip": "10.114.203.111",
                            "public_ip": "34.231.73.170",
                            "subnet_id": "subnet-d4682a8e"
                        },
                        "meta": {},
                        "tainted": false
                    },
                    "deposed": [],
                    "provider": ""
                },
                "aws_nat_gateway.natgw.3": {
                    "type": "aws_nat_gateway",
                    "depends_on": [
                        "aws_eip.natgw.*",
                        "aws_internet_gateway.igw",
                        "aws_subnet.public.*"
                    ],
                    "primary": {
                        "id": "nat-064c3ce2057b3a2dd",
                        "attributes": {
                            "allocation_id": "eipalloc-d49ca4e7",
                            "id": "nat-064c3ce2057b3a2dd",
                            "network_interface_id": "eni-37e4a920",
                            "private_ip": "10.114.203.170",
                            "public_ip": "34.234.19.243",
                            "subnet_id": "subnet-d563afb1"
                        },
                        "meta": {},
                        "tainted": false
                    },
                    "deposed": [],
                    "provider": ""
                },
                "aws_nat_gateway.natgw.4": {
                    "type": "aws_nat_gateway",
                    "depends_on": [
                        "aws_eip.natgw.*",
                        "aws_internet_gateway.igw",
                        "aws_subnet.public.*"
                    ],
                    "primary": {
                        "id": "nat-087f7d8516d047a0a",
                        "attributes": {
                            "allocation_id": "eipalloc-8290a8b1",
                            "id": "nat-087f7d8516d047a0a",
                            "network_interface_id": "eni-a60637a6",
                            "private_ip": "10.114.204.119",
                            "public_ip": "34.206.219.60",
                            "subnet_id": "subnet-84d13dbb"
                        },
                        "meta": {},
                        "tainted": false
                    },
                    "deposed": [],
                    "provider": ""
                },
                "aws_route.bastion_natdc": {
                    "type": "aws_route",
                    "depends_on": [
                        "aws_route_table.natdc.*",
                        "aws_vpc_peering_connection.infra"
                    ],
                    "primary": {
                        "id": "r-rtb-7705da0c3503606562",
                        "attributes": {
                            "destination_cidr_block": "10.127.50.7/32",
                            "destination_prefix_list_id": "",
                            "egress_only_gateway_id": "",
                            "gateway_id": "",
                            "id": "r-rtb-7705da0c3503606562",
                            "instance_id": "",
                            "instance_owner_id": "",
                            "nat_gateway_id": "",
                            "network_interface_id": "",
                            "origin": "CreateRoute",
                            "route_table_id": "rtb-7705da0c",
                            "state": "active",
                            "vpc_peering_connection_id": "pcx-7d91d314"
                        },
                        "meta": {},
                        "tainted": false
                    },
                    "deposed": [],
                    "provider": ""
                },
                "aws_route.bastion_private": {
                    "type": "aws_route",
                    "depends_on": [
                        "aws_route_table.private",
                        "aws_vpc_peering_connection.infra"
                    ],
                    "primary": {
                        "id": "r-rtb-e21fda993503606562",
                        "attributes": {
                            "destination_cidr_block": "10.127.50.7/32",
                            "destination_prefix_list_id": "",
                            "egress_only_gateway_id": "",
                            "gateway_id": "",
                            "id": "r-rtb-e21fda993503606562",
                            "instance_id": "",
                            "instance_owner_id": "",
                            "nat_gateway_id": "",
                            "network_interface_id": "",
                            "origin": "CreateRoute",
                            "route_table_id": "rtb-e21fda99",
                            "state": "active",
                            "vpc_peering_connection_id": "pcx-7d91d314"
                        },
                        "meta": {},
                        "tainted": false
                    },
                    "deposed": [],
                    "provider": ""
                },
                "aws_route.bastion_public": {
                    "type": "aws_route",
                    "depends_on": [
                        "aws_route_table.public",
                        "aws_vpc_peering_connection.infra"
                    ],
                    "primary": {
                        "id": "r-rtb-311dd84a3503606562",
                        "attributes": {
                            "destination_cidr_block": "10.127.50.7/32",
                            "destination_prefix_list_id": "",
                            "egress_only_gateway_id": "",
                            "gateway_id": "",
                            "id": "r-rtb-311dd84a3503606562",
                            "instance_id": "",
                            "instance_owner_id": "",
                            "nat_gateway_id": "",
                            "network_interface_id": "",
                            "origin": "CreateRoute",
                            "route_table_id": "rtb-311dd84a",
                            "state": "active",
                            "vpc_peering_connection_id": "pcx-7d91d314"
                        },
                        "meta": {},
                        "tainted": false
                    },
                    "deposed": [],
                    "provider": ""
                },
                "aws_route.infra_natdc.0": {
                    "type": "aws_route",
                    "depends_on": [
                        "aws_vpc_peering_connection.infra"
                    ],
                    "primary": {
                        "id": "r-rtb-2c9653571187968747",
                        "attributes": {
                            "destination_cidr_block": "10.114.192.0/20",
                            "destination_prefix_list_id": "",
                            "egress_only_gateway_id": "",
                            "gateway_id": "",
                            "id": "r-rtb-2c9653571187968747",
                            "instance_id": "",
                            "instance_owner_id": "",
                            "nat_gateway_id": "",
                            "network_interface_id": "",
                            "origin": "CreateRoute",
                            "route_table_id": "rtb-2c965357",
                            "state": "active",
                            "vpc_peering_connection_id": "pcx-7d91d314"
                        },
                        "meta": {},
                        "tainted": false
                    },
                    "deposed": [],
                    "provider": ""
                },
                "aws_route.infra_natdc.1": {
                    "type": "aws_route",
                    "depends_on": [
                        "aws_vpc_peering_connection.infra"
                    ],
                    "primary": {
                        "id": "r-rtb-f197528a1187968747",
                        "attributes": {
                            "destination_cidr_block": "10.114.192.0/20",
                            "destination_prefix_list_id": "",
                            "egress_only_gateway_id": "",
                            "gateway_id": "",
                            "id": "r-rtb-f197528a1187968747",
                            "instance_id": "",
                            "instance_owner_id": "",
                            "nat_gateway_id": "",
                            "network_interface_id": "",
                            "origin": "CreateRoute",
                            "route_table_id": "rtb-f197528a",
                            "state": "active",
                            "vpc_peering_connection_id": "pcx-7d91d314"
                        },
                        "meta": {},
                        "tainted": false
                    },
                    "deposed": [],
                    "provider": ""
                },
                "aws_route.infra_natdc.2": {
                    "type": "aws_route",
                    "depends_on": [
                        "aws_vpc_peering_connection.infra"
                    ],
                    "primary": {
                        "id": "r-rtb-4f9055341187968747",
                        "attributes": {
                            "destination_cidr_block": "10.114.192.0/20",
                            "destination_prefix_list_id": "",
                            "egress_only_gateway_id": "",
                            "gateway_id": "",
                            "id": "r-rtb-4f9055341187968747",
                            "instance_id": "",
                            "instance_owner_id": "",
                            "nat_gateway_id": "",
                            "network_interface_id": "",
                            "origin": "CreateRoute",
                            "route_table_id": "rtb-4f905534",
                            "state": "active",
                            "vpc_peering_connection_id": "pcx-7d91d314"
                        },
                        "meta": {},
                        "tainted": false
                    },
                    "deposed": [],
                    "provider": ""
                },
                "aws_route.infra_natdc.3": {
                    "type": "aws_route",
                    "depends_on": [
                        "aws_vpc_peering_connection.infra"
                    ],
                    "primary": {
                        "id": "r-rtb-419d583a1187968747",
                        "attributes": {
                            "destination_cidr_block": "10.114.192.0/20",
                            "destination_prefix_list_id": "",
                            "egress_only_gateway_id": "",
                            "gateway_id": "",
                            "id": "r-rtb-419d583a1187968747",
                            "instance_id": "",
                            "instance_owner_id": "",
                            "nat_gateway_id": "",
                            "network_interface_id": "",
                            "origin": "CreateRoute",
                            "route_table_id": "rtb-419d583a",
                            "state": "active",
                            "vpc_peering_connection_id": "pcx-7d91d314"
                        },
                        "meta": {},
                        "tainted": false
                    },
                    "deposed": [],
                    "provider": ""
                },
                "aws_route.infra_natdc.4": {
                    "type": "aws_route",
                    "depends_on": [
                        "aws_vpc_peering_connection.infra"
                    ],
                    "primary": {
                        "id": "r-rtb-9b9055e01187968747",
                        "attributes": {
                            "destination_cidr_block": "10.114.192.0/20",
                            "destination_prefix_list_id": "",
                            "egress_only_gateway_id": "",
                            "gateway_id": "",
                            "id": "r-rtb-9b9055e01187968747",
                            "instance_id": "",
                            "instance_owner_id": "",
                            "nat_gateway_id": "",
                            "network_interface_id": "",
                            "origin": "CreateRoute",
                            "route_table_id": "rtb-9b9055e0",
                            "state": "active",
                            "vpc_peering_connection_id": "pcx-7d91d314"
                        },
                        "meta": {},
                        "tainted": false
                    },
                    "deposed": [],
                    "provider": ""
                },
                "aws_route.infra_private": {
                    "type": "aws_route",
                    "depends_on": [
                        "aws_vpc_peering_connection.infra"
                    ],
                    "primary": {
                        "id": "r-rtb-9b9154e01187968747",
                        "attributes": {
                            "destination_cidr_block": "10.114.192.0/20",
                            "destination_prefix_list_id": "",
                            "egress_only_gateway_id": "",
                            "gateway_id": "",
                            "id": "r-rtb-9b9154e01187968747",
                            "instance_id": "",
                            "instance_owner_id": "",
                            "nat_gateway_id": "",
                            "network_interface_id": "",
                            "origin": "CreateRoute",
                            "route_table_id": "rtb-9b9154e0",
                            "state": "active",
                            "vpc_peering_connection_id": "pcx-7d91d314"
                        },
                        "meta": {},
                        "tainted": false
                    },
                    "deposed": [],
                    "provider": ""
                },
                "aws_route.infra_public": {
                    "type": "aws_route",
                    "depends_on": [
                        "aws_vpc_peering_connection.infra"
                    ],
                    "primary": {
                        "id": "r-rtb-68995c131187968747",
                        "attributes": {
                            "destination_cidr_block": "10.114.192.0/20",
                            "destination_prefix_list_id": "",
                            "egress_only_gateway_id": "",
                            "gateway_id": "",
                            "id": "r-rtb-68995c131187968747",
                            "instance_id": "",
                            "instance_owner_id": "",
                            "nat_gateway_id": "",
                            "network_interface_id": "",
                            "origin": "CreateRoute",
                            "route_table_id": "rtb-68995c13",
                            "state": "active",
                            "vpc_peering_connection_id": "pcx-7d91d314"
                        },
                        "meta": {},
                        "tainted": false
                    },
                    "deposed": [],
                    "provider": ""
                },
                "aws_route53_zone_association.route53": {
                    "type": "aws_route53_zone_association",
                    "depends_on": [
                        "aws_vpc.main"
                    ],
                    "primary": {
                        "id": "Z2NEFI7F67MOCU:vpc-044a6a7d",
                        "attributes": {
                            "id": "Z2NEFI7F67MOCU:vpc-044a6a7d",
                            "vpc_id": "vpc-044a6a7d",
                            "vpc_region": "us-east-1",
                            "zone_id": "Z2NEFI7F67MOCU"
                        },
                        "meta": {},
                        "tainted": false
                    },
                    "deposed": [],
                    "provider": ""
                },
                "aws_route_table.natdc.0": {
                    "type": "aws_route_table",
                    "depends_on": [
                        "aws_nat_gateway.natgw.*",
                        "aws_vpc.main",
                        "aws_vpn_gateway.vgw"
                    ],
                    "primary": {
                        "id": "rtb-7705da0c",
                        "attributes": {
                            "id": "rtb-7705da0c",
                            "propagating_vgws.#": "1",
                            "propagating_vgws.184081791": "vgw-a32fc4ca",
                            "route.#": "2",
                            "route.1963773630.cidr_block": "0.0.0.0/0",
                            "route.1963773630.egress_only_gateway_id": "",
                            "route.1963773630.gateway_id": "",
                            "route.1963773630.instance_id": "",
                            "route.1963773630.ipv6_cidr_block": "",
                            "route.1963773630.nat_gateway_id": "nat-051cab32572e0d4ad",
                            "route.1963773630.network_interface_id": "",
                            "route.1963773630.vpc_peering_connection_id": "",
                            "route.4103874357.cidr_block": "10.127.50.7/32",
                            "route.4103874357.egress_only_gateway_id": "",
                            "route.4103874357.gateway_id": "",
                            "route.4103874357.instance_id": "",
                            "route.4103874357.ipv6_cidr_block": "",
                            "route.4103874357.nat_gateway_id": "",
                            "route.4103874357.network_interface_id": "",
                            "route.4103874357.vpc_peering_connection_id": "pcx-7d91d314",
                            "tags.%": "5",
                            "tags.Name": "pipeline-natdc-routetable",
                            "tags.account_name": "jive-reco-sandbox",
                            "tags.pipeline_phase": "pipeline",
                            "tags.region": "us-east-1",
                            "tags.sla": "non-prod",
                            "vpc_id": "vpc-044a6a7d"
                        },
                        "meta": {},
                        "tainted": false
                    },
                    "deposed": [],
                    "provider": ""
                },
                "aws_route_table.natdc.1": {
                    "type": "aws_route_table",
                    "depends_on": [
                        "aws_nat_gateway.natgw.*",
                        "aws_vpc.main",
                        "aws_vpn_gateway.vgw"
                    ],
                    "primary": {
                        "id": "rtb-d60bd4ad",
                        "attributes": {
                            "id": "rtb-d60bd4ad",
                            "propagating_vgws.#": "1",
                            "propagating_vgws.184081791": "vgw-a32fc4ca",
                            "route.#": "1",
                            "route.1341335781.cidr_block": "0.0.0.0/0",
                            "route.1341335781.egress_only_gateway_id": "",
                            "route.1341335781.gateway_id": "",
                            "route.1341335781.instance_id": "",
                            "route.1341335781.ipv6_cidr_block": "",
                            "route.1341335781.nat_gateway_id": "nat-04b374429f5b3bf7f",
                            "route.1341335781.network_interface_id": "",
                            "route.1341335781.vpc_peering_connection_id": "",
                            "tags.%": "5",
                            "tags.Name": "pipeline-natdc-routetable",
                            "tags.account_name": "jive-reco-sandbox",
                            "tags.pipeline_phase": "pipeline",
                            "tags.region": "us-east-1",
                            "tags.sla": "non-prod",
                            "vpc_id": "vpc-044a6a7d"
                        },
                        "meta": {},
                        "tainted": false
                    },
                    "deposed": [],
                    "provider": ""
                },
                "aws_route_table.natdc.2": {
                    "type": "aws_route_table",
                    "depends_on": [
                        "aws_nat_gateway.natgw.*",
                        "aws_vpc.main",
                        "aws_vpn_gateway.vgw"
                    ],
                    "primary": {
                        "id": "rtb-dc09d6a7",
                        "attributes": {
                            "id": "rtb-dc09d6a7",
                            "propagating_vgws.#": "1",
                            "propagating_vgws.184081791": "vgw-a32fc4ca",
                            "route.#": "1",
                            "route.4179742010.cidr_block": "0.0.0.0/0",
                            "route.4179742010.egress_only_gateway_id": "",
                            "route.4179742010.gateway_id": "",
                            "route.4179742010.instance_id": "",
                            "route.4179742010.ipv6_cidr_block": "",
                            "route.4179742010.nat_gateway_id": "nat-04bce56cce92281cb",
                            "route.4179742010.network_interface_id": "",
                            "route.4179742010.vpc_peering_connection_id": "",
                            "tags.%": "5",
                            "tags.Name": "pipeline-natdc-routetable",
                            "tags.account_name": "jive-reco-sandbox",
                            "tags.pipeline_phase": "pipeline",
                            "tags.region": "us-east-1",
                            "tags.sla": "non-prod",
                            "vpc_id": "vpc-044a6a7d"
                        },
                        "meta": {},
                        "tainted": false
                    },
                    "deposed": [],
                    "provider": ""
                },
                "aws_route_table.natdc.3": {
                    "type": "aws_route_table",
                    "depends_on": [
                        "aws_nat_gateway.natgw.*",
                        "aws_vpc.main",
                        "aws_vpn_gateway.vgw"
                    ],
                    "primary": {
                        "id": "rtb-950ed1ee",
                        "attributes": {
                            "id": "rtb-950ed1ee",
                            "propagating_vgws.#": "1",
                            "propagating_vgws.184081791": "vgw-a32fc4ca",
                            "route.#": "1",
                            "route.2615325505.cidr_block": "0.0.0.0/0",
                            "route.2615325505.egress_only_gateway_id": "",
                            "route.2615325505.gateway_id": "",
                            "route.2615325505.instance_id": "",
                            "route.2615325505.ipv6_cidr_block": "",
                            "route.2615325505.nat_gateway_id": "nat-064c3ce2057b3a2dd",
                            "route.2615325505.network_interface_id": "",
                            "route.2615325505.vpc_peering_connection_id": "",
                            "tags.%": "5",
                            "tags.Name": "pipeline-natdc-routetable",
                            "tags.account_name": "jive-reco-sandbox",
                            "tags.pipeline_phase": "pipeline",
                            "tags.region": "us-east-1",
                            "tags.sla": "non-prod",
                            "vpc_id": "vpc-044a6a7d"
                        },
                        "meta": {},
                        "tainted": false
                    },
                    "deposed": [],
                    "provider": ""
                },
                "aws_route_table.natdc.4": {
                    "type": "aws_route_table",
                    "depends_on": [
                        "aws_nat_gateway.natgw.*",
                        "aws_vpc.main",
                        "aws_vpn_gateway.vgw"
                    ],
                    "primary": {
                        "id": "rtb-3006d94b",
                        "attributes": {
                            "id": "rtb-3006d94b",
                            "propagating_vgws.#": "1",
                            "propagating_vgws.184081791": "vgw-a32fc4ca",
                            "route.#": "1",
                            "route.2236752411.cidr_block": "0.0.0.0/0",
                            "route.2236752411.egress_only_gateway_id": "",
                            "route.2236752411.gateway_id": "",
                            "route.2236752411.instance_id": "",
                            "route.2236752411.ipv6_cidr_block": "",
                            "route.2236752411.nat_gateway_id": "nat-087f7d8516d047a0a",
                            "route.2236752411.network_interface_id": "",
                            "route.2236752411.vpc_peering_connection_id": "",
                            "tags.%": "5",
                            "tags.Name": "pipeline-natdc-routetable",
                            "tags.account_name": "jive-reco-sandbox",
                            "tags.pipeline_phase": "pipeline",
                            "tags.region": "us-east-1",
                            "tags.sla": "non-prod",
                            "vpc_id": "vpc-044a6a7d"
                        },
                        "meta": {},
                        "tainted": false
                    },
                    "deposed": [],
                    "provider": ""
                },
                "aws_route_table.private": {
                    "type": "aws_route_table",
                    "depends_on": [
                        "aws_vpc.main"
                    ],
                    "primary": {
                        "id": "rtb-e21fda99",
                        "attributes": {
                            "id": "rtb-e21fda99",
                            "propagating_vgws.#": "0",
                            "route.#": "1",
                            "route.4103874357.cidr_block": "10.127.50.7/32",
                            "route.4103874357.egress_only_gateway_id": "",
                            "route.4103874357.gateway_id": "",
                            "route.4103874357.instance_id": "",
                            "route.4103874357.ipv6_cidr_block": "",
                            "route.4103874357.nat_gateway_id": "",
                            "route.4103874357.network_interface_id": "",
                            "route.4103874357.vpc_peering_connection_id": "pcx-7d91d314",
                            "tags.%": "5",
                            "tags.Name": "pipeline-private-routetable",
                            "tags.account_name": "jive-reco-sandbox",
                            "tags.pipeline_phase": "pipeline",
                            "tags.region": "us-east-1",
                            "tags.sla": "non-prod",
                            "vpc_id": "vpc-044a6a7d"
                        },
                        "meta": {},
                        "tainted": false
                    },
                    "deposed": [],
                    "provider": ""
                },
                "aws_route_table.public": {
                    "type": "aws_route_table",
                    "depends_on": [
                        "aws_internet_gateway.igw",
                        "aws_vpc.main"
                    ],
                    "primary": {
                        "id": "rtb-311dd84a",
                        "attributes": {
                            "id": "rtb-311dd84a",
                            "propagating_vgws.#": "0",
                            "route.#": "2",
                            "route.3165742405.cidr_block": "0.0.0.0/0",
                            "route.3165742405.egress_only_gateway_id": "",
                            "route.3165742405.gateway_id": "igw-408d8e26",
                            "route.3165742405.instance_id": "",
                            "route.3165742405.ipv6_cidr_block": "",
                            "route.3165742405.nat_gateway_id": "",
                            "route.3165742405.network_interface_id": "",
                            "route.3165742405.vpc_peering_connection_id": "",
                            "route.4103874357.cidr_block": "10.127.50.7/32",
                            "route.4103874357.egress_only_gateway_id": "",
                            "route.4103874357.gateway_id": "",
                            "route.4103874357.instance_id": "",
                            "route.4103874357.ipv6_cidr_block": "",
                            "route.4103874357.nat_gateway_id": "",
                            "route.4103874357.network_interface_id": "",
                            "route.4103874357.vpc_peering_connection_id": "pcx-7d91d314",
                            "tags.%": "6",
                            "tags.KubernetesCluster": "us-east-1_jive-reco-sandbox",
                            "tags.Name": "pipeline-public-routetable",
                            "tags.account_name": "jive-reco-sandbox",
                            "tags.pipeline_phase": "pipeline",
                            "tags.region": "us-east-1",
                            "tags.sla": "non-prod",
                            "vpc_id": "vpc-044a6a7d"
                        },
                        "meta": {},
                        "tainted": false
                    },
                    "deposed": [],
                    "provider": ""
                },
                "aws_route_table_association.natdc.0": {
                    "type": "aws_route_table_association",
                    "depends_on": [
                        "aws_route_table.natdc.*",
                        "aws_subnet.natdc.*"
                    ],
                    "primary": {
                        "id": "rtbassoc-b999fbc3",
                        "attributes": {
                            "id": "rtbassoc-b999fbc3",
                            "route_table_id": "rtb-7705da0c",
                            "subnet_id": "subnet-19e0a835"
                        },
                        "meta": {},
                        "tainted": false
                    },
                    "deposed": [],
                    "provider": ""
                },
                "aws_route_table_association.natdc.1": {
                    "type": "aws_route_table_association",
                    "depends_on": [
                        "aws_route_table.natdc.*",
                        "aws_subnet.natdc.*"
                    ],
                    "primary": {
                        "id": "rtbassoc-00e3817a",
                        "attributes": {
                            "id": "rtbassoc-00e3817a",
                            "route_table_id": "rtb-d60bd4ad",
                            "subnet_id": "subnet-4c2c2304"
                        },
                        "meta": {},
                        "tainted": false
                    },
                    "deposed": [],
                    "provider": ""
                },
                "aws_route_table_association.natdc.2": {
                    "type": "aws_route_table_association",
                    "depends_on": [
                        "aws_route_table.natdc.*",
                        "aws_subnet.natdc.*"
                    ],
                    "primary": {
                        "id": "rtbassoc-f4e6848e",
                        "attributes": {
                            "id": "rtbassoc-f4e6848e",
                            "route_table_id": "rtb-dc09d6a7",
                            "subnet_id": "subnet-386c2e62"
                        },
                        "meta": {},
                        "tainted": false
                    },
                    "deposed": [],
                    "provider": ""
                },
                "aws_route_table_association.natdc.3": {
                    "type": "aws_route_table_association",
                    "depends_on": [
                        "aws_route_table.natdc.*",
                        "aws_subnet.natdc.*"
                    ],
                    "primary": {
                        "id": "rtbassoc-99e486e3",
                        "attributes": {
                            "id": "rtbassoc-99e486e3",
                            "route_table_id": "rtb-950ed1ee",
                            "subnet_id": "subnet-6c67ab08"
                        },
                        "meta": {},
                        "tainted": false
                    },
                    "deposed": [],
                    "provider": ""
                },
                "aws_route_table_association.natdc.4": {
                    "type": "aws_route_table_association",
                    "depends_on": [
                        "aws_route_table.natdc.*",
                        "aws_subnet.natdc.*"
                    ],
                    "primary": {
                        "id": "rtbassoc-fe9efc84",
                        "attributes": {
                            "id": "rtbassoc-fe9efc84",
                            "route_table_id": "rtb-3006d94b",
                            "subnet_id": "subnet-cad03cf5"
                        },
                        "meta": {},
                        "tainted": false
                    },
                    "deposed": [],
                    "provider": ""
                },
                "aws_route_table_association.private.0": {
                    "type": "aws_route_table_association",
                    "depends_on": [
                        "aws_route_table.private",
                        "aws_subnet.private.*"
                    ],
                    "primary": {
                        "id": "rtbassoc-7971e303",
                        "attributes": {
                            "id": "rtbassoc-7971e303",
                            "route_table_id": "rtb-e21fda99",
                            "subnet_id": "subnet-b7e9a19b"
                        },
                        "meta": {},
                        "tainted": false
                    },
                    "deposed": [],
                    "provider": ""
                },
                "aws_route_table_association.private.1": {
                    "type": "aws_route_table_association",
                    "depends_on": [
                        "aws_route_table.private",
                        "aws_subnet.private.*"
                    ],
                    "primary": {
                        "id": "rtbassoc-cf4cdeb5",
                        "attributes": {
                            "id": "rtbassoc-cf4cdeb5",
                            "route_table_id": "rtb-e21fda99",
                            "subnet_id": "subnet-d8262990"
                        },
                        "meta": {},
                        "tainted": false
                    },
                    "deposed": [],
                    "provider": ""
                },
                "aws_route_table_association.private.2": {
                    "type": "aws_route_table_association",
                    "depends_on": [
                        "aws_route_table.private",
                        "aws_subnet.private.*"
                    ],
                    "primary": {
                        "id": "rtbassoc-bb71e3c1",
                        "attributes": {
                            "id": "rtbassoc-bb71e3c1",
                            "route_table_id": "rtb-e21fda99",
                            "subnet_id": "subnet-1b703241"
                        },
                        "meta": {},
                        "tainted": false
                    },
                    "deposed": [],
                    "provider": ""
                },
                "aws_route_table_association.private.3": {
                    "type": "aws_route_table_association",
                    "depends_on": [
                        "aws_route_table.private",
                        "aws_subnet.private.*"
                    ],
                    "primary": {
                        "id": "rtbassoc-d249dba8",
                        "attributes": {
                            "id": "rtbassoc-d249dba8",
                            "route_table_id": "rtb-e21fda99",
                            "subnet_id": "subnet-657fb301"
                        },
                        "meta": {},
                        "tainted": false
                    },
                    "deposed": [],
                    "provider": ""
                },
                "aws_route_table_association.private.4": {
                    "type": "aws_route_table_association",
                    "depends_on": [
                        "aws_route_table.private",
                        "aws_subnet.private.*"
                    ],
                    "primary": {
                        "id": "rtbassoc-ba71e3c0",
                        "attributes": {
                            "id": "rtbassoc-ba71e3c0",
                            "route_table_id": "rtb-e21fda99",
                            "subnet_id": "subnet-72dc304d"
                        },
                        "meta": {},
                        "tainted": false
                    },
                    "deposed": [],
                    "provider": ""
                },
                "aws_route_table_association.public.0": {
                    "type": "aws_route_table_association",
                    "depends_on": [
                        "aws_route_table.public",
                        "aws_subnet.public.*"
                    ],
                    "primary": {
                        "id": "rtbassoc-b473e1ce",
                        "attributes": {
                            "id": "rtbassoc-b473e1ce",
                            "route_table_id": "rtb-311dd84a",
                            "subnet_id": "subnet-18d69e34"
                        },
                        "meta": {},
                        "tainted": false
                    },
                    "deposed": [],
                    "provider": ""
                },
                "aws_route_table_association.public.1": {
                    "type": "aws_route_table_association",
                    "depends_on": [
                        "aws_route_table.public",
                        "aws_subnet.public.*"
                    ],
                    "primary": {
                        "id": "rtbassoc-bd4edcc7",
                        "attributes": {
                            "id": "rtbassoc-bd4edcc7",
                            "route_table_id": "rtb-311dd84a",
                            "subnet_id": "subnet-0a262942"
                        },
                        "meta": {},
                        "tainted": false
                    },
                    "deposed": [],
                    "provider": ""
                },
                "aws_route_table_association.public.2": {
                    "type": "aws_route_table_association",
                    "depends_on": [
                        "aws_route_table.public",
                        "aws_subnet.public.*"
                    ],
                    "primary": {
                        "id": "rtbassoc-fd76e487",
                        "attributes": {
                            "id": "rtbassoc-fd76e487",
                            "route_table_id": "rtb-311dd84a",
                            "subnet_id": "subnet-d4682a8e"
                        },
                        "meta": {},
                        "tainted": false
                    },
                    "deposed": [],
                    "provider": ""
                },
                "aws_route_table_association.public.3": {
                    "type": "aws_route_table_association",
                    "depends_on": [
                        "aws_route_table.public",
                        "aws_subnet.public.*"
                    ],
                    "primary": {
                        "id": "rtbassoc-314cde4b",
                        "attributes": {
                            "id": "rtbassoc-314cde4b",
                            "route_table_id": "rtb-311dd84a",
                            "subnet_id": "subnet-d563afb1"
                        },
                        "meta": {},
                        "tainted": false
                    },
                    "deposed": [],
                    "provider": ""
                },
                "aws_route_table_association.public.4": {
                    "type": "aws_route_table_association",
                    "depends_on": [
                        "aws_route_table.public",
                        "aws_subnet.public.*"
                    ],
                    "primary": {
                        "id": "rtbassoc-1373e169",
                        "attributes": {
                            "id": "rtbassoc-1373e169",
                            "route_table_id": "rtb-311dd84a",
                            "subnet_id": "subnet-84d13dbb"
                        },
                        "meta": {},
                        "tainted": false
                    },
                    "deposed": [],
                    "provider": ""
                },
                "aws_security_group.admin_instance": {
                    "type": "aws_security_group",
                    "depends_on": [
                        "aws_vpc.main"
                    ],
                    "primary": {
                        "id": "sg-b25acfc2",
                        "attributes": {
                            "description": "Admin instances for the VPC",
                            "egress.#": "0",
                            "id": "sg-b25acfc2",
                            "ingress.#": "0",
                            "name": "pipeline-admin-instance",
                            "owner_id": "922236644688",
                            "tags.%": "5",
                            "tags.Name": "pipeline-admin-instance",
                            "tags.account_name": "jive-reco-sandbox",
                            "tags.pipeline_phase": "pipeline",
                            "tags.region": "us-east-1",
                            "tags.sla": "non-prod",
                            "vpc_id": "vpc-044a6a7d"
                        },
                        "meta": {},
                        "tainted": false
                    },
                    "deposed": [],
                    "provider": ""
                },
                "aws_security_group.env_instance": {
                    "type": "aws_security_group",
                    "depends_on": [
                        "aws_security_group.admin_instance",
                        "aws_vpc.main"
                    ],
                    "primary": {
                        "id": "sg-7e58cd0e",
                        "attributes": {
                            "description": "All instances within the evironment",
                            "egress.#": "1",
                            "egress.482069346.cidr_blocks.#": "1",
                            "egress.482069346.cidr_blocks.0": "0.0.0.0/0",
                            "egress.482069346.from_port": "0",
                            "egress.482069346.ipv6_cidr_blocks.#": "0",
                            "egress.482069346.prefix_list_ids.#": "0",
                            "egress.482069346.protocol": "-1",
                            "egress.482069346.security_groups.#": "0",
                            "egress.482069346.self": "false",
                            "egress.482069346.to_port": "0",
                            "id": "sg-7e58cd0e",
                            "ingress.#": "4",
                            "ingress.179083333.cidr_blocks.#": "1",
                            "ingress.179083333.cidr_blocks.0": "10.0.0.0/8",
                            "ingress.179083333.from_port": "22",
                            "ingress.179083333.ipv6_cidr_blocks.#": "0",
                            "ingress.179083333.protocol": "tcp",
                            "ingress.179083333.security_groups.#": "0",
                            "ingress.179083333.self": "false",
                            "ingress.179083333.to_port": "22",
                            "ingress.2774898942.cidr_blocks.#": "0",
                            "ingress.2774898942.from_port": "8",
                            "ingress.2774898942.ipv6_cidr_blocks.#": "0",
                            "ingress.2774898942.protocol": "icmp",
                            "ingress.2774898942.security_groups.#": "1",
                            "ingress.2774898942.security_groups.4074480166": "sg-b25acfc2",
                            "ingress.2774898942.self": "false",
                            "ingress.2774898942.to_port": "0",
                            "ingress.3280021429.cidr_blocks.#": "1",
                            "ingress.3280021429.cidr_blocks.0": "10.0.0.0/8",
                            "ingress.3280021429.from_port": "8",
                            "ingress.3280021429.ipv6_cidr_blocks.#": "0",
                            "ingress.3280021429.protocol": "icmp",
                            "ingress.3280021429.security_groups.#": "0",
                            "ingress.3280021429.self": "false",
                            "ingress.3280021429.to_port": "0",
                            "ingress.403785565.cidr_blocks.#": "0",
                            "ingress.403785565.from_port": "22",
                            "ingress.403785565.ipv6_cidr_blocks.#": "0",
                            "ingress.403785565.protocol": "tcp",
                            "ingress.403785565.security_groups.#": "1",
                            "ingress.403785565.security_groups.4074480166": "sg-b25acfc2",
                            "ingress.403785565.self": "false",
                            "ingress.403785565.to_port": "22",
                            "name": "pipeline-instance",
                            "owner_id": "922236644688",
                            "tags.%": "5",
                            "tags.Name": "pipeline-instance",
                            "tags.account_name": "jive-reco-sandbox",
                            "tags.pipeline_phase": "pipeline",
                            "tags.region": "us-east-1",
                            "tags.sla": "non-prod",
                            "vpc_id": "vpc-044a6a7d"
                        },
                        "meta": {},
                        "tainted": false
                    },
                    "deposed": [],
                    "provider": ""
                },
                "aws_security_group.natgw_instance": {
                    "type": "aws_security_group",
                    "depends_on": [
                        "aws_security_group.env_instance",
                        "aws_vpc.main"
                    ],
                    "primary": {
                        "id": "sg-6b46d31b",
                        "attributes": {
                            "description": "Members of this SG are allowed to send any type of traffic to the NAT Box.",
                            "egress.#": "0",
                            "id": "sg-6b46d31b",
                            "ingress.#": "1",
                            "ingress.652528051.cidr_blocks.#": "0",
                            "ingress.652528051.from_port": "0",
                            "ingress.652528051.ipv6_cidr_blocks.#": "0",
                            "ingress.652528051.protocol": "-1",
                            "ingress.652528051.security_groups.#": "1",
                            "ingress.652528051.security_groups.1534147497": "sg-7e58cd0e",
                            "ingress.652528051.self": "false",
                            "ingress.652528051.to_port": "0",
                            "name": "pipeline-natgw-instance",
                            "owner_id": "922236644688",
                            "tags.%": "5",
                            "tags.Name": "pipeline-natgw-instance",
                            "tags.account_name": "jive-reco-sandbox",
                            "tags.pipeline_phase": "pipeline",
                            "tags.region": "us-east-1",
                            "tags.sla": "non-prod",
                            "vpc_id": "vpc-044a6a7d"
                        },
                        "meta": {},
                        "tainted": false
                    },
                    "deposed": [],
                    "provider": ""
                },
                "aws_subnet.natdc.0": {
                    "type": "aws_subnet",
                    "depends_on": [
                        "aws_vpc.main"
                    ],
                    "primary": {
                        "id": "subnet-19e0a835",
                        "attributes": {
                            "assign_ipv6_address_on_creation": "false",
                            "availability_zone": "us-east-1a",
                            "cidr_block": "10.114.192.0/23",
                            "id": "subnet-19e0a835",
                            "map_public_ip_on_launch": "false",
                            "tags.%": "5",
                            "tags.Name": "pipeline-natdc-subnet",
                            "tags.account_name": "jive-reco-sandbox",
                            "tags.pipeline_phase": "pipeline",
                            "tags.region": "us-east-1",
                            "tags.sla": "non-prod",
                            "vpc_id": "vpc-044a6a7d"
                        },
                        "meta": {
                            "schema_version": "1"
                        },
                        "tainted": false
                    },
                    "deposed": [],
                    "provider": ""
                },
                "aws_subnet.natdc.1": {
                    "type": "aws_subnet",
                    "depends_on": [
                        "aws_vpc.main"
                    ],
                    "primary": {
                        "id": "subnet-4c2c2304",
                        "attributes": {
                            "assign_ipv6_address_on_creation": "false",
                            "availability_zone": "us-east-1b",
                            "cidr_block": "10.114.194.0/23",
                            "id": "subnet-4c2c2304",
                            "map_public_ip_on_launch": "false",
                            "tags.%": "5",
                            "tags.Name": "pipeline-natdc-subnet",
                            "tags.account_name": "jive-reco-sandbox",
                            "tags.pipeline_phase": "pipeline",
                            "tags.region": "us-east-1",
                            "tags.sla": "non-prod",
                            "vpc_id": "vpc-044a6a7d"
                        },
                        "meta": {
                            "schema_version": "1"
                        },
                        "tainted": false
                    },
                    "deposed": [],
                    "provider": ""
                },
                "aws_subnet.natdc.2": {
                    "type": "aws_subnet",
                    "depends_on": [
                        "aws_vpc.main"
                    ],
                    "primary": {
                        "id": "subnet-386c2e62",
                        "attributes": {
                            "assign_ipv6_address_on_creation": "false",
                            "availability_zone": "us-east-1c",
                            "cidr_block": "10.114.196.0/23",
                            "id": "subnet-386c2e62",
                            "map_public_ip_on_launch": "false",
                            "tags.%": "5",
                            "tags.Name": "pipeline-natdc-subnet",
                            "tags.account_name": "jive-reco-sandbox",
                            "tags.pipeline_phase": "pipeline",
                            "tags.region": "us-east-1",
                            "tags.sla": "non-prod",
                            "vpc_id": "vpc-044a6a7d"
                        },
                        "meta": {
                            "schema_version": "1"
                        },
                        "tainted": false
                    },
                    "deposed": [],
                    "provider": ""
                },
                "aws_subnet.natdc.3": {
                    "type": "aws_subnet",
                    "depends_on": [
                        "aws_vpc.main"
                    ],
                    "primary": {
                        "id": "subnet-6c67ab08",
                        "attributes": {
                            "assign_ipv6_address_on_creation": "false",
                            "availability_zone": "us-east-1d",
                            "cidr_block": "10.114.198.0/23",
                            "id": "subnet-6c67ab08",
                            "map_public_ip_on_launch": "false",
                            "tags.%": "5",
                            "tags.Name": "pipeline-natdc-subnet",
                            "tags.account_name": "jive-reco-sandbox",
                            "tags.pipeline_phase": "pipeline",
                            "tags.region": "us-east-1",
                            "tags.sla": "non-prod",
                            "vpc_id": "vpc-044a6a7d"
                        },
                        "meta": {
                            "schema_version": "1"
                        },
                        "tainted": false
                    },
                    "deposed": [],
                    "provider": ""
                },
                "aws_subnet.natdc.4": {
                    "type": "aws_subnet",
                    "depends_on": [
                        "aws_vpc.main"
                    ],
                    "primary": {
                        "id": "subnet-cad03cf5",
                        "attributes": {
                            "assign_ipv6_address_on_creation": "false",
                            "availability_zone": "us-east-1e",
                            "cidr_block": "10.114.200.0/23",
                            "id": "subnet-cad03cf5",
                            "map_public_ip_on_launch": "false",
                            "tags.%": "5",
                            "tags.Name": "pipeline-natdc-subnet",
                            "tags.account_name": "jive-reco-sandbox",
                            "tags.pipeline_phase": "pipeline",
                            "tags.region": "us-east-1",
                            "tags.sla": "non-prod",
                            "vpc_id": "vpc-044a6a7d"
                        },
                        "meta": {
                            "schema_version": "1"
                        },
                        "tainted": false
                    },
                    "deposed": [],
                    "provider": ""
                },
                "aws_subnet.private.0": {
                    "type": "aws_subnet",
                    "depends_on": [
                        "aws_vpc.main"
                    ],
                    "primary": {
                        "id": "subnet-b7e9a19b",
                        "attributes": {
                            "assign_ipv6_address_on_creation": "false",
                            "availability_zone": "us-east-1a",
                            "cidr_block": "10.114.204.128/25",
                            "id": "subnet-b7e9a19b",
                            "map_public_ip_on_launch": "false",
                            "tags.%": "5",
                            "tags.Name": "pipeline-private-subnet",
                            "tags.account_name": "jive-reco-sandbox",
                            "tags.pipeline_phase": "pipeline",
                            "tags.region": "us-east-1",
                            "tags.sla": "non-prod",
                            "vpc_id": "vpc-044a6a7d"
                        },
                        "meta": {
                            "schema_version": "1"
                        },
                        "tainted": false
                    },
                    "deposed": [],
                    "provider": ""
                },
                "aws_subnet.private.1": {
                    "type": "aws_subnet",
                    "depends_on": [
                        "aws_vpc.main"
                    ],
                    "primary": {
                        "id": "subnet-d8262990",
                        "attributes": {
                            "assign_ipv6_address_on_creation": "false",
                            "availability_zone": "us-east-1b",
                            "cidr_block": "10.114.205.0/25",
                            "id": "subnet-d8262990",
                            "map_public_ip_on_launch": "false",
                            "tags.%": "5",
                            "tags.Name": "pipeline-private-subnet",
                            "tags.account_name": "jive-reco-sandbox",
                            "tags.pipeline_phase": "pipeline",
                            "tags.region": "us-east-1",
                            "tags.sla": "non-prod",
                            "vpc_id": "vpc-044a6a7d"
                        },
                        "meta": {
                            "schema_version": "1"
                        },
                        "tainted": false
                    },
                    "deposed": [],
                    "provider": ""
                },
                "aws_subnet.private.2": {
                    "type": "aws_subnet",
                    "depends_on": [
                        "aws_vpc.main"
                    ],
                    "primary": {
                        "id": "subnet-1b703241",
                        "attributes": {
                            "assign_ipv6_address_on_creation": "false",
                            "availability_zone": "us-east-1c",
                            "cidr_block": "10.114.205.128/25",
                            "id": "subnet-1b703241",
                            "map_public_ip_on_launch": "false",
                            "tags.%": "5",
                            "tags.Name": "pipeline-private-subnet",
                            "tags.account_name": "jive-reco-sandbox",
                            "tags.pipeline_phase": "pipeline",
                            "tags.region": "us-east-1",
                            "tags.sla": "non-prod",
                            "vpc_id": "vpc-044a6a7d"
                        },
                        "meta": {
                            "schema_version": "1"
                        },
                        "tainted": false
                    },
                    "deposed": [],
                    "provider": ""
                },
                "aws_subnet.private.3": {
                    "type": "aws_subnet",
                    "depends_on": [
                        "aws_vpc.main"
                    ],
                    "primary": {
                        "id": "subnet-657fb301",
                        "attributes": {
                            "assign_ipv6_address_on_creation": "false",
                            "availability_zone": "us-east-1d",
                            "cidr_block": "10.114.206.0/25",
                            "id": "subnet-657fb301",
                            "map_public_ip_on_launch": "false",
                            "tags.%": "5",
                            "tags.Name": "pipeline-private-subnet",
                            "tags.account_name": "jive-reco-sandbox",
                            "tags.pipeline_phase": "pipeline",
                            "tags.region": "us-east-1",
                            "tags.sla": "non-prod",
                            "vpc_id": "vpc-044a6a7d"
                        },
                        "meta": {
                            "schema_version": "1"
                        },
                        "tainted": false
                    },
                    "deposed": [],
                    "provider": ""
                },
                "aws_subnet.private.4": {
                    "type": "aws_subnet",
                    "depends_on": [
                        "aws_vpc.main"
                    ],
                    "primary": {
                        "id": "subnet-72dc304d",
                        "attributes": {
                            "assign_ipv6_address_on_creation": "false",
                            "availability_zone": "us-east-1e",
                            "cidr_block": "10.114.206.128/25",
                            "id": "subnet-72dc304d",
                            "map_public_ip_on_launch": "false",
                            "tags.%": "5",
                            "tags.Name": "pipeline-private-subnet",
                            "tags.account_name": "jive-reco-sandbox",
                            "tags.pipeline_phase": "pipeline",
                            "tags.region": "us-east-1",
                            "tags.sla": "non-prod",
                            "vpc_id": "vpc-044a6a7d"
                        },
                        "meta": {
                            "schema_version": "1"
                        },
                        "tainted": false
                    },
                    "deposed": [],
                    "provider": ""
                },
                "aws_subnet.public.0": {
                    "type": "aws_subnet",
                    "depends_on": [
                        "aws_vpc.main"
                    ],
                    "primary": {
                        "id": "subnet-18d69e34",
                        "attributes": {
                            "assign_ipv6_address_on_creation": "false",
                            "availability_zone": "us-east-1a",
                            "cidr_block": "10.114.202.0/25",
                            "id": "subnet-18d69e34",
                            "map_public_ip_on_launch": "false",
                            "tags.%": "6",
                            "tags.KubernetesCluster": "us-east-1_jive-reco-sandbox",
                            "tags.Name": "pipeline-public-subnet",
                            "tags.account_name": "jive-reco-sandbox",
                            "tags.pipeline_phase": "pipeline",
                            "tags.region": "us-east-1",
                            "tags.sla": "non-prod",
                            "vpc_id": "vpc-044a6a7d"
                        },
                        "meta": {
                            "schema_version": "1"
                        },
                        "tainted": false
                    },
                    "deposed": [],
                    "provider": ""
                },
                "aws_subnet.public.1": {
                    "type": "aws_subnet",
                    "depends_on": [
                        "aws_vpc.main"
                    ],
                    "primary": {
                        "id": "subnet-0a262942",
                        "attributes": {
                            "assign_ipv6_address_on_creation": "false",
                            "availability_zone": "us-east-1b",
                            "cidr_block": "10.114.202.128/25",
                            "id": "subnet-0a262942",
                            "map_public_ip_on_launch": "false",
                            "tags.%": "6",
                            "tags.KubernetesCluster": "us-east-1_jive-reco-sandbox",
                            "tags.Name": "pipeline-public-subnet",
                            "tags.account_name": "jive-reco-sandbox",
                            "tags.pipeline_phase": "pipeline",
                            "tags.region": "us-east-1",
                            "tags.sla": "non-prod",
                            "vpc_id": "vpc-044a6a7d"
                        },
                        "meta": {
                            "schema_version": "1"
                        },
                        "tainted": false
                    },
                    "deposed": [],
                    "provider": ""
                },
                "aws_subnet.public.2": {
                    "type": "aws_subnet",
                    "depends_on": [
                        "aws_vpc.main"
                    ],
                    "primary": {
                        "id": "subnet-d4682a8e",
                        "attributes": {
                            "assign_ipv6_address_on_creation": "false",
                            "availability_zone": "us-east-1c",
                            "cidr_block": "10.114.203.0/25",
                            "id": "subnet-d4682a8e",
                            "map_public_ip_on_launch": "false",
                            "tags.%": "6",
                            "tags.KubernetesCluster": "us-east-1_jive-reco-sandbox",
                            "tags.Name": "pipeline-public-subnet",
                            "tags.account_name": "jive-reco-sandbox",
                            "tags.pipeline_phase": "pipeline",
                            "tags.region": "us-east-1",
                            "tags.sla": "non-prod",
                            "vpc_id": "vpc-044a6a7d"
                        },
                        "meta": {
                            "schema_version": "1"
                        },
                        "tainted": false
                    },
                    "deposed": [],
                    "provider": ""
                },
                "aws_subnet.public.3": {
                    "type": "aws_subnet",
                    "depends_on": [
                        "aws_vpc.main"
                    ],
                    "primary": {
                        "id": "subnet-d563afb1",
                        "attributes": {
                            "assign_ipv6_address_on_creation": "false",
                            "availability_zone": "us-east-1d",
                            "cidr_block": "10.114.203.128/25",
                            "id": "subnet-d563afb1",
                            "map_public_ip_on_launch": "false",
                            "tags.%": "6",
                            "tags.KubernetesCluster": "us-east-1_jive-reco-sandbox",
                            "tags.Name": "pipeline-public-subnet",
                            "tags.account_name": "jive-reco-sandbox",
                            "tags.pipeline_phase": "pipeline",
                            "tags.region": "us-east-1",
                            "tags.sla": "non-prod",
                            "vpc_id": "vpc-044a6a7d"
                        },
                        "meta": {
                            "schema_version": "1"
                        },
                        "tainted": false
                    },
                    "deposed": [],
                    "provider": ""
                },
                "aws_subnet.public.4": {
                    "type": "aws_subnet",
                    "depends_on": [
                        "aws_vpc.main"
                    ],
                    "primary": {
                        "id": "subnet-84d13dbb",
                        "attributes": {
                            "assign_ipv6_address_on_creation": "false",
                            "availability_zone": "us-east-1e",
                            "cidr_block": "10.114.204.0/25",
                            "id": "subnet-84d13dbb",
                            "map_public_ip_on_launch": "false",
                            "tags.%": "6",
                            "tags.KubernetesCluster": "us-east-1_jive-reco-sandbox",
                            "tags.Name": "pipeline-public-subnet",
                            "tags.account_name": "jive-reco-sandbox",
                            "tags.pipeline_phase": "pipeline",
                            "tags.region": "us-east-1",
                            "tags.sla": "non-prod",
                            "vpc_id": "vpc-044a6a7d"
                        },
                        "meta": {
                            "schema_version": "1"
                        },
                        "tainted": false
                    },
                    "deposed": [],
                    "provider": ""
                },
                "aws_vpc.main": {
                    "type": "aws_vpc",
                    "depends_on": [],
                    "primary": {
                        "id": "vpc-044a6a7d",
                        "attributes": {
                            "assign_generated_ipv6_cidr_block": "false",
                            "cidr_block": "10.114.192.0/20",
                            "default_network_acl_id": "acl-c8e737b0",
                            "default_route_table_id": "rtb-241edb5f",
                            "default_security_group_id": "sg-e344d193",
                            "dhcp_options_id": "dopt-919da2f7",
                            "enable_classiclink": "false",
                            "enable_dns_hostnames": "true",
                            "enable_dns_support": "true",
                            "id": "vpc-044a6a7d",
                            "instance_tenancy": "default",
                            "main_route_table_id": "rtb-241edb5f",
                            "tags.%": "5",
                            "tags.Name": "pipeline-vpc",
                            "tags.account_name": "jive-reco-sandbox",
                            "tags.pipeline_phase": "pipeline",
                            "tags.region": "us-east-1",
                            "tags.sla": "non-prod"
                        },
                        "meta": {
                            "schema_version": "1"
                        },
                        "tainted": false
                    },
                    "deposed": [],
                    "provider": ""
                },
                "aws_vpc_peering_connection.infra": {
                    "type": "aws_vpc_peering_connection",
                    "depends_on": [
                        "aws_vpc.main"
                    ],
                    "primary": {
                        "id": "pcx-7d91d314",
                        "attributes": {
                            "accept_status": "active",
                            "accepter.#": "1",
                            "accepter.3244290774.allow_classic_link_to_remote_vpc": "false",
                            "accepter.3244290774.allow_remote_vpc_dns_resolution": "false",
                            "accepter.3244290774.allow_vpc_to_remote_classic_link": "false",
                            "auto_accept": "true",
                            "id": "pcx-7d91d314",
                            "peer_owner_id": "922236644688",
                            "peer_vpc_id": "vpc-07dbfa7e",
                            "requester.#": "1",
                            "requester.3244290774.allow_classic_link_to_remote_vpc": "false",
                            "requester.3244290774.allow_remote_vpc_dns_resolution": "false",
                            "requester.3244290774.allow_vpc_to_remote_classic_link": "false",
                            "tags.%": "5",
                            "tags.Name": "pipeline_to_infra-jive-reco-sandbox",
                            "tags.account_name": "jive-reco-sandbox",
                            "tags.pipeline_phase": "pipeline",
                            "tags.region": "us-east-1",
                            "tags.sla": "non-prod",
                            "vpc_id": "vpc-044a6a7d"
                        },
                        "meta": {},
                        "tainted": false
                    },
                    "deposed": [],
                    "provider": ""
                },
                "aws_vpn_connection.main": {
                    "type": "aws_vpn_connection",
                    "depends_on": [
                        "aws_vpn_gateway.vgw"
                    ],
                    "primary": {
                        "id": "vpn-abdfccca",
                        "attributes": {
                            "customer_gateway_configuration": "\u003c?xml version=\"1.0\" encoding=\"UTF-8\"?\u003e\n\u003cvpn_connection id=\"vpn-abdfccca\"\u003e\n  \u003ccustomer_gateway_id\u003ecgw-7263881b\u003c/customer_gateway_id\u003e\n  \u003cvpn_gateway_id\u003evgw-a32fc4ca\u003c/vpn_gateway_id\u003e\n  \u003cvpn_connection_type\u003eipsec.1\u003c/vpn_connection_type\u003e\n  \u003cipsec_tunnel\u003e\n    \u003ccustomer_gateway\u003e\n      \u003ctunnel_outside_address\u003e\n        \u003cip_address\u003e204.93.64.130\u003c/ip_address\u003e\n      \u003c/tunnel_outside_address\u003e\n      \u003ctunnel_inside_address\u003e\n        \u003cip_address\u003e169.254.46.210\u003c/ip_address\u003e\n        \u003cnetwork_mask\u003e255.255.255.252\u003c/network_mask\u003e\n        \u003cnetwork_cidr\u003e30\u003c/network_cidr\u003e\n      \u003c/tunnel_inside_address\u003e\n      \u003cbgp\u003e\n        \u003casn\u003e13364\u003c/asn\u003e\n        \u003chold_time\u003e30\u003c/hold_time\u003e\n      \u003c/bgp\u003e\n    \u003c/customer_gateway\u003e\n    \u003cvpn_gateway\u003e\n      \u003ctunnel_outside_address\u003e\n        \u003cip_address\u003e34.202.34.119\u003c/ip_address\u003e\n      \u003c/tunnel_outside_address\u003e\n      \u003ctunnel_inside_address\u003e\n        \u003cip_address\u003e169.254.46.209\u003c/ip_address\u003e\n        \u003cnetwork_mask\u003e255.255.255.252\u003c/network_mask\u003e\n        \u003cnetwork_cidr\u003e30\u003c/network_cidr\u003e\n      \u003c/tunnel_inside_address\u003e\n      \u003cbgp\u003e\n        \u003casn\u003e7224\u003c/asn\u003e\n        \u003chold_time\u003e30\u003c/hold_time\u003e\n      \u003c/bgp\u003e\n    \u003c/vpn_gateway\u003e\n    \u003cike\u003e\n      \u003cauthentication_protocol\u003esha1\u003c/authentication_protocol\u003e\n      \u003cencryption_protocol\u003eaes-128-cbc\u003c/encryption_protocol\u003e\n      \u003clifetime\u003e28800\u003c/lifetime\u003e\n      \u003cperfect_forward_secrecy\u003egroup2\u003c/perfect_forward_secrecy\u003e\n      \u003cmode\u003emain\u003c/mode\u003e\n      \u003cpre_shared_key\u003eZpsYBfqE4afG39VM0tjtKCulsVzWQ_Ov\u003c/pre_shared_key\u003e\n    \u003c/ike\u003e\n    \u003cipsec\u003e\n      \u003cprotocol\u003eesp\u003c/protocol\u003e\n      \u003cauthentication_protocol\u003ehmac-sha1-96\u003c/authentication_protocol\u003e\n      \u003cencryption_protocol\u003eaes-128-cbc\u003c/encryption_protocol\u003e\n      \u003clifetime\u003e3600\u003c/lifetime\u003e\n      \u003cperfect_forward_secrecy\u003egroup2\u003c/perfect_forward_secrecy\u003e\n      \u003cmode\u003etunnel\u003c/mode\u003e\n      \u003cclear_df_bit\u003etrue\u003c/clear_df_bit\u003e\n      \u003cfragmentation_before_encryption\u003etrue\u003c/fragmentation_before_encryption\u003e\n      \u003ctcp_mss_adjustment\u003e1379\u003c/tcp_mss_adjustment\u003e\n      \u003cdead_peer_detection\u003e\n        \u003cinterval\u003e10\u003c/interval\u003e\n        \u003cretries\u003e3\u003c/retries\u003e\n      \u003c/dead_peer_detection\u003e\n    \u003c/ipsec\u003e\n  \u003c/ipsec_tunnel\u003e\n  \u003cipsec_tunnel\u003e\n    \u003ccustomer_gateway\u003e\n      \u003ctunnel_outside_address\u003e\n        \u003cip_address\u003e204.93.64.130\u003c/ip_address\u003e\n      \u003c/tunnel_outside_address\u003e\n      \u003ctunnel_inside_address\u003e\n        \u003cip_address\u003e169.254.47.246\u003c/ip_address\u003e\n        \u003cnetwork_mask\u003e255.255.255.252\u003c/network_mask\u003e\n        \u003cnetwork_cidr\u003e30\u003c/network_cidr\u003e\n      \u003c/tunnel_inside_address\u003e\n      \u003cbgp\u003e\n        \u003casn\u003e13364\u003c/asn\u003e\n        \u003chold_time\u003e30\u003c/hold_time\u003e\n      \u003c/bgp\u003e\n    \u003c/customer_gateway\u003e\n    \u003cvpn_gateway\u003e\n      \u003ctunnel_outside_address\u003e\n        \u003cip_address\u003e34.225.226.203\u003c/ip_address\u003e\n      \u003c/tunnel_outside_address\u003e\n      \u003ctunnel_inside_address\u003e\n        \u003cip_address\u003e169.254.47.245\u003c/ip_address\u003e\n        \u003cnetwork_mask\u003e255.255.255.252\u003c/network_mask\u003e\n        \u003cnetwork_cidr\u003e30\u003c/network_cidr\u003e\n      \u003c/tunnel_inside_address\u003e\n      \u003cbgp\u003e\n        \u003casn\u003e7224\u003c/asn\u003e\n        \u003chold_time\u003e30\u003c/hold_time\u003e\n      \u003c/bgp\u003e\n    \u003c/vpn_gateway\u003e\n    \u003cike\u003e\n      \u003cauthentication_protocol\u003esha1\u003c/authentication_protocol\u003e\n      \u003cencryption_protocol\u003eaes-128-cbc\u003c/encryption_protocol\u003e\n      \u003clifetime\u003e28800\u003c/lifetime\u003e\n      \u003cperfect_forward_secrecy\u003egroup2\u003c/perfect_forward_secrecy\u003e\n      \u003cmode\u003emain\u003c/mode\u003e\n      \u003cpre_shared_key\u003eMBPPHn3B.b2WPXbD6ZUeLqDwlKKoIr8r\u003c/pre_shared_key\u003e\n    \u003c/ike\u003e\n    \u003cipsec\u003e\n      \u003cprotocol\u003eesp\u003c/protocol\u003e\n      \u003cauthentication_protocol\u003ehmac-sha1-96\u003c/authentication_protocol\u003e\n      \u003cencryption_protocol\u003eaes-128-cbc\u003c/encryption_protocol\u003e\n      \u003clifetime\u003e3600\u003c/lifetime\u003e\n      \u003cperfect_forward_secrecy\u003egroup2\u003c/perfect_forward_secrecy\u003e\n      \u003cmode\u003etunnel\u003c/mode\u003e\n      \u003cclear_df_bit\u003etrue\u003c/clear_df_bit\u003e\n      \u003cfragmentation_before_encryption\u003etrue\u003c/fragmentation_before_encryption\u003e\n      \u003ctcp_mss_adjustment\u003e1379\u003c/tcp_mss_adjustment\u003e\n      \u003cdead_peer_detection\u003e\n        \u003cinterval\u003e10\u003c/interval\u003e\n        \u003cretries\u003e3\u003c/retries\u003e\n      \u003c/dead_peer_detection\u003e\n    \u003c/ipsec\u003e\n  \u003c/ipsec_tunnel\u003e\n\u003c/vpn_connection\u003e",
                            "customer_gateway_id": "cgw-7263881b",
                            "id": "vpn-abdfccca",
                            "routes.#": "0",
                            "static_routes_only": "false",
                            "tags.%": "5",
                            "tags.Name": "pipeline-jive-vpn",
                            "tags.account_name": "jive-reco-sandbox",
                            "tags.pipeline_phase": "pipeline",
                            "tags.region": "us-east-1",
                            "tags.sla": "non-prod",
                            "tunnel1_address": "34.202.34.119",
                            "tunnel1_preshared_key": "ZpsYBfqE4afG39VM0tjtKCulsVzWQ_Ov",
                            "tunnel2_address": "34.225.226.203",
                            "tunnel2_preshared_key": "MBPPHn3B.b2WPXbD6ZUeLqDwlKKoIr8r",
                            "type": "ipsec.1",
                            "vgw_telemetry.#": "2",
                            "vgw_telemetry.2599867807.accepted_route_count": "0",
                            "vgw_telemetry.2599867807.last_status_change": "2017-08-30 23:17:59 +0000 UTC",
                            "vgw_telemetry.2599867807.outside_ip_address": "34.202.34.119",
                            "vgw_telemetry.2599867807.status": "DOWN",
                            "vgw_telemetry.2599867807.status_message": "IPSEC IS DOWN",
                            "vgw_telemetry.640514047.accepted_route_count": "0",
                            "vgw_telemetry.640514047.last_status_change": "2017-08-30 23:17:05 +0000 UTC",
                            "vgw_telemetry.640514047.outside_ip_address": "34.225.226.203",
                            "vgw_telemetry.640514047.status": "DOWN",
                            "vgw_telemetry.640514047.status_message": "IPSEC IS DOWN",
                            "vpn_gateway_id": "vgw-a32fc4ca"
                        },
                        "meta": {},
                        "tainted": false
                    },
                    "deposed": [],
                    "provider": ""
                },
                "aws_vpn_gateway.vgw": {
                    "type": "aws_vpn_gateway",
                    "depends_on": [
                        "aws_vpc.main"
                    ],
                    "primary": {
                        "id": "vgw-a32fc4ca",
                        "attributes": {
                            "id": "vgw-a32fc4ca",
                            "tags.%": "7",
                            "tags.Name": "pipeline-vgw",
                            "tags.account_name": "jive-reco-sandbox",
                            "tags.jive_service": "infrastructure",
                            "tags.pipeline_phase": "pipeline",
                            "tags.region": "us-east-1",
                            "tags.service_component": "vpn_gateway",
                            "tags.sla": "non-prod",
                            "vpc_id": "vpc-044a6a7d"
                        },
                        "meta": {},
                        "tainted": false
                    },
                    "deposed": [],
                    "provider": ""
                }
            },
            "depends_on": []
        }
    ]
}
