{
    "version": 3,
    "terraform_version": "0.9.2",
    "serial": 8,
    "lineage": "daef767e-0c84-47bc-af5c-1d0509fa8086",
    "modules": [
        {
            "path": [
                "root"
            ],
            "outputs": {},
            "resources": {
                "aws_autoscaling_group.bastion": {
                    "type": "aws_autoscaling_group",
                    "depends_on": [
                        "aws_launch_configuration.bastion",
                        "aws_launch_configuration.bastion",
                        "aws_subnet.natdc"
                    ],
                    "primary": {
                        "id": "infra-prod-bastion-asg-terraform-00733f55b6ce7e604c6268490d",
                        "attributes": {
                            "arn": "arn:aws:autoscaling:eu-central-1:467524913882:autoScalingGroup:a7ac4237-4500-4150-a044-6c06173c10e2:autoScalingGroupName/infra-prod-bastion-asg-terraform-00733f55b6ce7e604c6268490d",
                            "availability_zones.#": "1",
                            "availability_zones.1126047633": "eu-central-1a",
                            "default_cooldown": "300",
                            "desired_capacity": "1",
                            "force_delete": "false",
                            "health_check_grace_period": "300",
                            "health_check_type": "EC2",
                            "id": "infra-prod-bastion-asg-terraform-00733f55b6ce7e604c6268490d",
                            "launch_configuration": "terraform-00733f55b6ce7e604c6268490d",
                            "load_balancers.#": "0",
                            "max_size": "1",
                            "metrics_granularity": "1Minute",
                            "min_size": "1",
                            "name": "infra-prod-bastion-asg-terraform-00733f55b6ce7e604c6268490d",
                            "placement_group": "",
                            "protect_from_scale_in": "false",
                            "suspended_processes.#": "0",
                            "tag.#": "8",
                            "tag.169118653.key": "sla",
                            "tag.169118653.propagate_at_launch": "true",
                            "tag.169118653.value": "prod",
                            "tag.2099585974.key": "pipeline_phase",
                            "tag.2099585974.propagate_at_launch": "true",
                            "tag.2099585974.value": "infra-prod",
                            "tag.2734052481.key": "service_component",
                            "tag.2734052481.propagate_at_launch": "true",
                            "tag.2734052481.value": "bastion",
                            "tag.3153515461.key": "Name",
                            "tag.3153515461.propagate_at_launch": "true",
                            "tag.3153515461.value": "infra-prod-bastion-instance",
                            "tag.3180302108.key": "region",
                            "tag.3180302108.propagate_at_launch": "true",
                            "tag.3180302108.value": "eu-central-1",
                            "tag.3378887495.key": "account_name",
                            "tag.3378887495.propagate_at_launch": "true",
                            "tag.3378887495.value": "jive-data-prod",
                            "tag.3931013433.key": "bastionip",
                            "tag.3931013433.propagate_at_launch": "true",
                            "tag.3931013433.value": "10.127.71.7",
                            "tag.853938758.key": "jive_service",
                            "tag.853938758.propagate_at_launch": "true",
                            "tag.853938758.value": "infrastructure",
                            "target_group_arns.#": "0",
                            "termination_policies.#": "0",
                            "vpc_zone_identifier.#": "1",
                            "vpc_zone_identifier.4245157937": "subnet-3e069a56",
                            "wait_for_capacity_timeout": "10m"
                        },
                        "meta": {},
                        "tainted": false
                    },
                    "deposed": [],
                    "provider": ""
                },
                "aws_customer_gateway.customer_gateway": {
                    "type": "aws_customer_gateway",
                    "depends_on": [],
                    "primary": {
                        "id": "cgw-21f97711",
                        "attributes": {
                            "bgp_asn": "13364",
                            "id": "cgw-21f97711",
                            "ip_address": "204.93.80.68",
                            "tags.%": "5",
                            "tags.Account_name": "jive-data-prod",
                            "tags.Name": "infra-prod-customer-gateway",
                            "tags.Pipeline_phase": "infra-prod",
                            "tags.Region": "eu-central-1",
                            "tags.SLA": "prod",
                            "type": "ipsec.1"
                        },
                        "meta": {},
                        "tainted": false
                    },
                    "deposed": [],
                    "provider": ""
                },
                "aws_eip.natgw.0": {
                    "type": "aws_eip",
                    "depends_on": [],
                    "primary": {
                        "id": "eipalloc-40e58e29",
                        "attributes": {
                            "association_id": "eipassoc-3a87e551",
                            "domain": "vpc",
                            "id": "eipalloc-40e58e29",
                            "instance": "",
                            "network_interface": "eni-c169c8ae",
                            "private_ip": "10.127.71.123",
                            "public_ip": "35.156.206.241",
                            "vpc": "true"
                        },
                        "meta": {},
                        "tainted": false
                    },
                    "deposed": [],
                    "provider": ""
                },
                "aws_eip.natgw.1": {
                    "type": "aws_eip",
                    "depends_on": [],
                    "primary": {
                        "id": "eipalloc-2cbff745",
                        "attributes": {
                            "association_id": "eipassoc-0581e36e",
                            "domain": "vpc",
                            "id": "eipalloc-2cbff745",
                            "instance": "",
                            "network_interface": "eni-0d0d2c73",
                            "private_ip": "10.127.71.154",
                            "public_ip": "52.57.233.171",
                            "vpc": "true"
                        },
                        "meta": {},
                        "tainted": false
                    },
                    "deposed": [],
                    "provider": ""
                },
                "aws_internet_gateway.igw": {
                    "type": "aws_internet_gateway",
                    "depends_on": [
                        "aws_vpc.main"
                    ],
                    "primary": {
                        "id": "igw-032b0c6a",
                        "attributes": {
                            "id": "igw-032b0c6a",
                            "tags.%": "5",
                            "tags.Name": "infra-prod-igw",
                            "tags.account_name": "jive-data-prod",
                            "tags.pipeline_phase": "infra-prod",
                            "tags.region": "eu-central-1",
                            "tags.sla": "prod",
                            "vpc_id": "vpc-9912cdf1"
                        },
                        "meta": {},
                        "tainted": false
                    },
                    "deposed": [],
                    "provider": ""
                },
                "aws_launch_configuration.bastion": {
                    "type": "aws_launch_configuration",
                    "depends_on": [],
                    "primary": {
                        "id": "terraform-00733f55b6ce7e604c6268490d",
                        "attributes": {
                            "associate_public_ip_address": "false",
                            "ebs_block_device.#": "0",
                            "ebs_optimized": "false",
                            "enable_monitoring": "true",
                            "ephemeral_block_device.#": "0",
                            "iam_instance_profile": "eni-attach-profile",
                            "id": "terraform-00733f55b6ce7e604c6268490d",
                            "image_id": "ami-9bf712f4",
                            "instance_type": "t2.medium",
                            "key_name": "data-prod",
                            "name": "terraform-00733f55b6ce7e604c6268490d",
                            "root_block_device.#": "1",
                            "root_block_device.0.delete_on_termination": "true",
                            "root_block_device.0.iops": "0",
                            "root_block_device.0.volume_size": "25",
                            "root_block_device.0.volume_type": "",
                            "security_groups.#": "1",
                            "security_groups.1286408252": "sg-4ebfa826",
                            "spot_price": "",
                            "user_data": "a82888494e866879e0154233693e0229b0b79e82",
                            "vpc_classic_link_id": "",
                            "vpc_classic_link_security_groups.#": "0"
                        },
                        "meta": {},
                        "tainted": false
                    },
                    "deposed": [],
                    "provider": ""
                },
                "aws_nat_gateway.natgw.0": {
                    "type": "aws_nat_gateway",
                    "depends_on": [
                        "aws_eip.natgw.*",
                        "aws_internet_gateway.igw",
                        "aws_subnet.public.*"
                    ],
                    "primary": {
                        "id": "nat-037a8d0dab88aed40",
                        "attributes": {
                            "allocation_id": "eipalloc-40e58e29",
                            "id": "nat-037a8d0dab88aed40",
                            "network_interface_id": "eni-c169c8ae",
                            "private_ip": "10.127.71.123",
                            "public_ip": "35.156.206.241",
                            "subnet_id": "subnet-3f069a57"
                        },
                        "meta": {},
                        "tainted": false
                    },
                    "deposed": [],
                    "provider": ""
                },
                "aws_nat_gateway.natgw.1": {
                    "type": "aws_nat_gateway",
                    "depends_on": [
                        "aws_eip.natgw.*",
                        "aws_internet_gateway.igw",
                        "aws_subnet.public.*"
                    ],
                    "primary": {
                        "id": "nat-0a9c731f3f5c5b7a6",
                        "attributes": {
                            "allocation_id": "eipalloc-2cbff745",
                            "id": "nat-0a9c731f3f5c5b7a6",
                            "network_interface_id": "eni-0d0d2c73",
                            "private_ip": "10.127.71.154",
                            "public_ip": "52.57.233.171",
                            "subnet_id": "subnet-7948e903"
                        },
                        "meta": {},
                        "tainted": false
                    },
                    "deposed": [],
                    "provider": ""
                },
                "aws_network_interface.bastion": {
                    "type": "aws_network_interface",
                    "depends_on": [
                        "aws_security_group.jive_phx_dc",
                        "aws_subnet.natdc"
                    ],
                    "primary": {
                        "id": "eni-5ccc6c30",
                        "attributes": {
                            "attachment.#": "1",
                            "attachment.2693968808.attachment_id": "eni-attach-7dab8313",
                            "attachment.2693968808.device_index": "1",
                            "attachment.2693968808.instance": "i-01bd2f3d669ee7847",
                            "description": "",
                            "id": "eni-5ccc6c30",
                            "private_ips.#": "1",
                            "private_ips.1247370317": "10.127.71.7",
                            "security_groups.#": "1",
                            "security_groups.1286408252": "sg-4ebfa826",
                            "source_dest_check": "true",
                            "subnet_id": "subnet-3e069a56",
                            "tags.%": "7",
                            "tags.Name": "infra-prod-bastion-instance",
                            "tags.account_name": "jive-data-prod",
                            "tags.jive_service": "infrastructure",
                            "tags.pipeline_phase": "infra-prod",
                            "tags.region": "eu-central-1",
                            "tags.service_component": "bastion",
                            "tags.sla": "prod"
                        },
                        "meta": {},
                        "tainted": false
                    },
                    "deposed": [],
                    "provider": ""
                },
                "aws_route53_record.bastion": {
                    "type": "aws_route53_record",
                    "depends_on": [],
                    "primary": {
                        "id": "ZC46QDQ3D8IG_bastion-eu-central-1-jive-data-prod_A",
                        "attributes": {
                            "fqdn": "bastion-eu-central-1-jive-data-prod.jiveprivate.com",
                            "health_check_id": "",
                            "id": "ZC46QDQ3D8IG_bastion-eu-central-1-jive-data-prod_A",
                            "name": "bastion-eu-central-1-jive-data-prod",
                            "records.#": "1",
                            "records.1247370317": "10.127.71.7",
                            "set_identifier": "",
                            "ttl": "60",
                            "type": "A",
                            "zone_id": "ZC46QDQ3D8IG"
                        },
                        "meta": {
                            "schema_version": "2"
                        },
                        "tainted": false
                    },
                    "deposed": [],
                    "provider": ""
                },
                "aws_route53_zone_association.route53": {
                    "type": "aws_route53_zone_association",
                    "depends_on": [
                        "aws_vpc.main"
                    ],
                    "primary": {
                        "id": "ZC46QDQ3D8IG:vpc-9912cdf1",
                        "attributes": {
                            "id": "ZC46QDQ3D8IG:vpc-9912cdf1",
                            "vpc_id": "vpc-9912cdf1",
                            "vpc_region": "eu-central-1",
                            "zone_id": "ZC46QDQ3D8IG"
                        },
                        "meta": {},
                        "tainted": false
                    },
                    "deposed": [],
                    "provider": ""
                },
                "aws_route_table.natdc.0": {
                    "type": "aws_route_table",
                    "depends_on": [
                        "aws_nat_gateway.natgw",
                        "aws_vpc.main",
                        "aws_vpn_gateway.vgw"
                    ],
                    "primary": {
                        "id": "rtb-96f274fe",
                        "attributes": {
                            "id": "rtb-96f274fe",
                            "propagating_vgws.#": "1",
                            "propagating_vgws.795754934": "vgw-244dc214",
                            "route.#": "2",
                            "route.1524889164.cidr_block": "0.0.0.0/0",
                            "route.1524889164.egress_only_gateway_id": "",
                            "route.1524889164.gateway_id": "",
                            "route.1524889164.instance_id": "",
                            "route.1524889164.ipv6_cidr_block": "",
                            "route.1524889164.nat_gateway_id": "nat-0a9c731f3f5c5b7a6",
                            "route.1524889164.network_interface_id": "",
                            "route.1524889164.vpc_peering_connection_id": "",
                            "route.2169726104.cidr_block": "10.114.128.0/20",
                            "route.2169726104.egress_only_gateway_id": "",
                            "route.2169726104.gateway_id": "",
                            "route.2169726104.instance_id": "",
                            "route.2169726104.ipv6_cidr_block": "",
                            "route.2169726104.nat_gateway_id": "",
                            "route.2169726104.network_interface_id": "",
                            "route.2169726104.vpc_peering_connection_id": "pcx-c6b961af",
                            "tags.%": "5",
                            "tags.Name": "infra-prod-natdc-routetable",
                            "tags.account_name": "jive-data-prod",
                            "tags.pipeline_phase": "infra-prod",
                            "tags.region": "eu-central-1",
                            "tags.sla": "prod",
                            "vpc_id": "vpc-9912cdf1"
                        },
                        "meta": {},
                        "tainted": false
                    },
                    "deposed": [],
                    "provider": ""
                },
                "aws_route_table.natdc.1": {
                    "type": "aws_route_table",
                    "depends_on": [
                        "aws_nat_gateway.natgw.*",
                        "aws_vpc.main",
                        "aws_vpn_gateway.vgw"
                    ],
                    "primary": {
                        "id": "rtb-7ac58212",
                        "attributes": {
                            "id": "rtb-7ac58212",
                            "propagating_vgws.#": "1",
                            "propagating_vgws.795754934": "vgw-244dc214",
                            "route.#": "2",
                            "route.1524889164.cidr_block": "0.0.0.0/0",
                            "route.1524889164.egress_only_gateway_id": "",
                            "route.1524889164.gateway_id": "",
                            "route.1524889164.instance_id": "",
                            "route.1524889164.ipv6_cidr_block": "",
                            "route.1524889164.nat_gateway_id": "nat-0a9c731f3f5c5b7a6",
                            "route.1524889164.network_interface_id": "",
                            "route.1524889164.vpc_peering_connection_id": "",
                            "route.2169726104.cidr_block": "10.114.128.0/20",
                            "route.2169726104.egress_only_gateway_id": "",
                            "route.2169726104.gateway_id": "",
                            "route.2169726104.instance_id": "",
                            "route.2169726104.ipv6_cidr_block": "",
                            "route.2169726104.nat_gateway_id": "",
                            "route.2169726104.network_interface_id": "",
                            "route.2169726104.vpc_peering_connection_id": "pcx-c6b961af",
                            "tags.%": "5",
                            "tags.Name": "infra-prod-natdc-routetable",
                            "tags.account_name": "jive-data-prod",
                            "tags.pipeline_phase": "infra-prod",
                            "tags.region": "eu-central-1",
                            "tags.sla": "prod",
                            "vpc_id": "vpc-9912cdf1"
                        },
                        "meta": {},
                        "tainted": false
                    },
                    "deposed": [],
                    "provider": ""
                },
                "aws_route_table.private": {
                    "type": "aws_route_table",
                    "depends_on": [
                        "aws_vpc.main"
                    ],
                    "primary": {
                        "id": "rtb-d9f274b1",
                        "attributes": {
                            "id": "rtb-d9f274b1",
                            "propagating_vgws.#": "0",
                            "route.#": "1",
                            "route.2169726104.cidr_block": "10.114.128.0/20",
                            "route.2169726104.egress_only_gateway_id": "",
                            "route.2169726104.gateway_id": "",
                            "route.2169726104.instance_id": "",
                            "route.2169726104.ipv6_cidr_block": "",
                            "route.2169726104.nat_gateway_id": "",
                            "route.2169726104.network_interface_id": "",
                            "route.2169726104.vpc_peering_connection_id": "pcx-c6b961af",
                            "tags.%": "5",
                            "tags.Name": "infra-prod-private-routetable",
                            "tags.account_name": "jive-data-prod",
                            "tags.pipeline_phase": "infra-prod",
                            "tags.region": "eu-central-1",
                            "tags.sla": "prod",
                            "vpc_id": "vpc-9912cdf1"
                        },
                        "meta": {},
                        "tainted": false
                    },
                    "deposed": [],
                    "provider": ""
                },
                "aws_route_table.public": {
                    "type": "aws_route_table",
                    "depends_on": [
                        "aws_internet_gateway.igw",
                        "aws_vpc.main"
                    ],
                    "primary": {
                        "id": "rtb-d0f274b8",
                        "attributes": {
                            "id": "rtb-d0f274b8",
                            "propagating_vgws.#": "0",
                            "route.#": "2",
                            "route.2169726104.cidr_block": "10.114.128.0/20",
                            "route.2169726104.egress_only_gateway_id": "",
                            "route.2169726104.gateway_id": "",
                            "route.2169726104.instance_id": "",
                            "route.2169726104.ipv6_cidr_block": "",
                            "route.2169726104.nat_gateway_id": "",
                            "route.2169726104.network_interface_id": "",
                            "route.2169726104.vpc_peering_connection_id": "pcx-c6b961af",
                            "route.413156367.cidr_block": "0.0.0.0/0",
                            "route.413156367.egress_only_gateway_id": "",
                            "route.413156367.gateway_id": "igw-032b0c6a",
                            "route.413156367.instance_id": "",
                            "route.413156367.ipv6_cidr_block": "",
                            "route.413156367.nat_gateway_id": "",
                            "route.413156367.network_interface_id": "",
                            "route.413156367.vpc_peering_connection_id": "",
                            "tags.%": "5",
                            "tags.Name": "infra-prod-public-routetable",
                            "tags.account_name": "jive-data-prod",
                            "tags.pipeline_phase": "infra-prod",
                            "tags.region": "eu-central-1",
                            "tags.sla": "prod",
                            "vpc_id": "vpc-9912cdf1"
                        },
                        "meta": {},
                        "tainted": false
                    },
                    "deposed": [],
                    "provider": ""
                },
                "aws_route_table_association.natdc.0": {
                    "type": "aws_route_table_association",
                    "depends_on": [
                        "aws_route_table.natdc.*",
                        "aws_subnet.natdc.*"
                    ],
                    "primary": {
                        "id": "rtbassoc-9bdcfff3",
                        "attributes": {
                            "id": "rtbassoc-9bdcfff3",
                            "route_table_id": "rtb-96f274fe",
                            "subnet_id": "subnet-7e48e904"
                        },
                        "meta": {},
                        "tainted": false
                    },
                    "deposed": [],
                    "provider": ""
                },
                "aws_route_table_association.natdc.1": {
                    "type": "aws_route_table_association",
                    "depends_on": [
                        "aws_route_table.natdc.*",
                        "aws_subnet.natdc.*"
                    ],
                    "primary": {
                        "id": "rtbassoc-a8ad5ec3",
                        "attributes": {
                            "id": "rtbassoc-a8ad5ec3",
                            "route_table_id": "rtb-7ac58212",
                            "subnet_id": "subnet-3e069a56"
                        },
                        "meta": {},
                        "tainted": false
                    },
                    "deposed": [],
                    "provider": ""
                },
                "aws_route_table_association.private.0": {
                    "type": "aws_route_table_association",
                    "depends_on": [
                        "aws_route_table.private",
                        "aws_subnet.private"
                    ],
                    "primary": {
                        "id": "rtbassoc-cedcffa6",
                        "attributes": {
                            "id": "rtbassoc-cedcffa6",
                            "route_table_id": "rtb-d9f274b1",
                            "subnet_id": "subnet-3a069a52"
                        },
                        "meta": {},
                        "tainted": false
                    },
                    "deposed": [],
                    "provider": ""
                },
                "aws_route_table_association.private.1": {
                    "type": "aws_route_table_association",
                    "depends_on": [
                        "aws_route_table.private",
                        "aws_subnet.private"
                    ],
                    "primary": {
                        "id": "rtbassoc-cddcffa5",
                        "attributes": {
                            "id": "rtbassoc-cddcffa5",
                            "route_table_id": "rtb-d9f274b1",
                            "subnet_id": "subnet-7248e908"
                        },
                        "meta": {},
                        "tainted": false
                    },
                    "deposed": [],
                    "provider": ""
                },
                "aws_route_table_association.public.0": {
                    "type": "aws_route_table_association",
                    "depends_on": [
                        "aws_route_table.public",
                        "aws_subnet.public"
                    ],
                    "primary": {
                        "id": "rtbassoc-cfdcffa7",
                        "attributes": {
                            "id": "rtbassoc-cfdcffa7",
                            "route_table_id": "rtb-d0f274b8",
                            "subnet_id": "subnet-3f069a57"
                        },
                        "meta": {},
                        "tainted": false
                    },
                    "deposed": [],
                    "provider": ""
                },
                "aws_route_table_association.public.1": {
                    "type": "aws_route_table_association",
                    "depends_on": [
                        "aws_route_table.public",
                        "aws_subnet.public"
                    ],
                    "primary": {
                        "id": "rtbassoc-c0dcffa8",
                        "attributes": {
                            "id": "rtbassoc-c0dcffa8",
                            "route_table_id": "rtb-d0f274b8",
                            "subnet_id": "subnet-7948e903"
                        },
                        "meta": {},
                        "tainted": false
                    },
                    "deposed": [],
                    "provider": ""
                },
                "aws_security_group.env_instance": {
                    "type": "aws_security_group",
                    "depends_on": [
                        "aws_vpc.main"
                    ],
                    "primary": {
                        "id": "sg-babd35d1",
                        "attributes": {
                            "description": "Empty SG for all instances within the evironment",
                            "egress.#": "0",
                            "id": "sg-babd35d1",
                            "ingress.#": "0",
                            "name": "infra-prod-instance",
                            "owner_id": "467524913882",
                            "tags.%": "5",
                            "tags.Name": "infra-prod-instance",
                            "tags.account_name": "jive-data-prod",
                            "tags.pipeline_phase": "infra-prod",
                            "tags.region": "eu-central-1",
                            "tags.sla": "prod",
                            "vpc_id": "vpc-9912cdf1"
                        },
                        "meta": {},
                        "tainted": false
                    },
                    "deposed": [],
                    "provider": ""
                },
                "aws_security_group.jive_phx_dc": {
                    "type": "aws_security_group",
                    "depends_on": [
                        "aws_vpc.main"
                    ],
                    "primary": {
                        "id": "sg-4ebfa826",
                        "attributes": {
                            "description": "Allow SSH and Ping from CIDRs within Jive PHX Data Center",
                            "egress.#": "1",
                            "egress.482069346.cidr_blocks.#": "1",
                            "egress.482069346.cidr_blocks.0": "0.0.0.0/0",
                            "egress.482069346.from_port": "0",
                            "egress.482069346.ipv6_cidr_blocks.#": "0",
                            "egress.482069346.prefix_list_ids.#": "0",
                            "egress.482069346.protocol": "-1",
                            "egress.482069346.security_groups.#": "0",
                            "egress.482069346.self": "false",
                            "egress.482069346.to_port": "0",
                            "id": "sg-4ebfa826",
                            "ingress.#": "2",
                            "ingress.2541437006.cidr_blocks.#": "1",
                            "ingress.2541437006.cidr_blocks.0": "0.0.0.0/0",
                            "ingress.2541437006.from_port": "22",
                            "ingress.2541437006.ipv6_cidr_blocks.#": "0",
                            "ingress.2541437006.protocol": "tcp",
                            "ingress.2541437006.security_groups.#": "0",
                            "ingress.2541437006.self": "false",
                            "ingress.2541437006.to_port": "22",
                            "ingress.3068409405.cidr_blocks.#": "1",
                            "ingress.3068409405.cidr_blocks.0": "0.0.0.0/0",
                            "ingress.3068409405.from_port": "8",
                            "ingress.3068409405.ipv6_cidr_blocks.#": "0",
                            "ingress.3068409405.protocol": "icmp",
                            "ingress.3068409405.security_groups.#": "0",
                            "ingress.3068409405.self": "false",
                            "ingress.3068409405.to_port": "0",
                            "name": "infra-prod-jive-phx-dc",
                            "owner_id": "467524913882",
                            "tags.%": "5",
                            "tags.Name": "infra-prod-jive-phx-dc",
                            "tags.account_name": "jive-data-prod",
                            "tags.pipeline_phase": "infra-prod",
                            "tags.region": "eu-central-1",
                            "tags.sla": "prod",
                            "vpc_id": "vpc-9912cdf1"
                        },
                        "meta": {},
                        "tainted": false
                    },
                    "deposed": [],
                    "provider": ""
                },
                "aws_subnet.natdc.0": {
                    "type": "aws_subnet",
                    "depends_on": [
                        "aws_vpc.main"
                    ],
                    "primary": {
                        "id": "subnet-3e069a56",
                        "attributes": {
                            "assign_ipv6_address_on_creation": "false",
                            "availability_zone": "eu-central-1a",
                            "cidr_block": "10.127.71.0/27",
                            "id": "subnet-3e069a56",
                            "map_public_ip_on_launch": "false",
                            "tags.%": "5",
                            "tags.Name": "infra-prod-natdc-subnet",
                            "tags.account_name": "jive-data-prod",
                            "tags.pipeline_phase": "infra-prod",
                            "tags.region": "eu-central-1",
                            "tags.sla": "prod",
                            "vpc_id": "vpc-9912cdf1"
                        },
                        "meta": {},
                        "tainted": false
                    },
                    "deposed": [],
                    "provider": ""
                },
                "aws_subnet.natdc.1": {
                    "type": "aws_subnet",
                    "depends_on": [
                        "aws_vpc.main"
                    ],
                    "primary": {
                        "id": "subnet-7e48e904",
                        "attributes": {
                            "assign_ipv6_address_on_creation": "false",
                            "availability_zone": "eu-central-1b",
                            "cidr_block": "10.127.71.32/27",
                            "id": "subnet-7e48e904",
                            "map_public_ip_on_launch": "false",
                            "tags.%": "5",
                            "tags.Name": "infra-prod-natdc-subnet",
                            "tags.account_name": "jive-data-prod",
                            "tags.pipeline_phase": "infra-prod",
                            "tags.region": "eu-central-1",
                            "tags.sla": "prod",
                            "vpc_id": "vpc-9912cdf1"
                        },
                        "meta": {},
                        "tainted": false
                    },
                    "deposed": [],
                    "provider": ""
                },
                "aws_subnet.private.0": {
                    "type": "aws_subnet",
                    "depends_on": [
                        "aws_vpc.main"
                    ],
                    "primary": {
                        "id": "subnet-3a069a52",
                        "attributes": {
                            "assign_ipv6_address_on_creation": "false",
                            "availability_zone": "eu-central-1a",
                            "cidr_block": "10.127.71.192/28",
                            "id": "subnet-3a069a52",
                            "map_public_ip_on_launch": "false",
                            "tags.%": "5",
                            "tags.Name": "infra-prod-private-subnet",
                            "tags.account_name": "jive-data-prod",
                            "tags.pipeline_phase": "infra-prod",
                            "tags.region": "eu-central-1",
                            "tags.sla": "prod",
                            "vpc_id": "vpc-9912cdf1"
                        },
                        "meta": {},
                        "tainted": false
                    },
                    "deposed": [],
                    "provider": ""
                },
                "aws_subnet.private.1": {
                    "type": "aws_subnet",
                    "depends_on": [
                        "aws_vpc.main"
                    ],
                    "primary": {
                        "id": "subnet-7248e908",
                        "attributes": {
                            "assign_ipv6_address_on_creation": "false",
                            "availability_zone": "eu-central-1b",
                            "cidr_block": "10.127.71.208/28",
                            "id": "subnet-7248e908",
                            "map_public_ip_on_launch": "false",
                            "tags.%": "5",
                            "tags.Name": "infra-prod-private-subnet",
                            "tags.account_name": "jive-data-prod",
                            "tags.pipeline_phase": "infra-prod",
                            "tags.region": "eu-central-1",
                            "tags.sla": "prod",
                            "vpc_id": "vpc-9912cdf1"
                        },
                        "meta": {},
                        "tainted": false
                    },
                    "deposed": [],
                    "provider": ""
                },
                "aws_subnet.public.0": {
                    "type": "aws_subnet",
                    "depends_on": [
                        "aws_vpc.main"
                    ],
                    "primary": {
                        "id": "subnet-3f069a57",
                        "attributes": {
                            "assign_ipv6_address_on_creation": "false",
                            "availability_zone": "eu-central-1a",
                            "cidr_block": "10.127.71.96/27",
                            "id": "subnet-3f069a57",
                            "map_public_ip_on_launch": "false",
                            "tags.%": "5",
                            "tags.Name": "infra-prod-public-subnet",
                            "tags.account_name": "jive-data-prod",
                            "tags.pipeline_phase": "infra-prod",
                            "tags.region": "eu-central-1",
                            "tags.sla": "prod",
                            "vpc_id": "vpc-9912cdf1"
                        },
                        "meta": {},
                        "tainted": false
                    },
                    "deposed": [],
                    "provider": ""
                },
                "aws_subnet.public.1": {
                    "type": "aws_subnet",
                    "depends_on": [
                        "aws_vpc.main"
                    ],
                    "primary": {
                        "id": "subnet-7948e903",
                        "attributes": {
                            "assign_ipv6_address_on_creation": "false",
                            "availability_zone": "eu-central-1b",
                            "cidr_block": "10.127.71.128/27",
                            "id": "subnet-7948e903",
                            "map_public_ip_on_launch": "false",
                            "tags.%": "5",
                            "tags.Name": "infra-prod-public-subnet",
                            "tags.account_name": "jive-data-prod",
                            "tags.pipeline_phase": "infra-prod",
                            "tags.region": "eu-central-1",
                            "tags.sla": "prod",
                            "vpc_id": "vpc-9912cdf1"
                        },
                        "meta": {},
                        "tainted": false
                    },
                    "deposed": [],
                    "provider": ""
                },
                "aws_vpc.main": {
                    "type": "aws_vpc",
                    "depends_on": [],
                    "primary": {
                        "id": "vpc-9912cdf1",
                        "attributes": {
                            "assign_generated_ipv6_cidr_block": "false",
                            "cidr_block": "10.127.71.0/24",
                            "default_network_acl_id": "acl-d7aa13bf",
                            "default_route_table_id": "rtb-c3f274ab",
                            "default_security_group_id": "sg-77bfa81f",
                            "dhcp_options_id": "dopt-778b0e1e",
                            "enable_dns_hostnames": "true",
                            "enable_dns_support": "true",
                            "id": "vpc-9912cdf1",
                            "instance_tenancy": "default",
                            "main_route_table_id": "rtb-c3f274ab",
                            "tags.%": "5",
                            "tags.Name": "infra-prod-vpc",
                            "tags.account_name": "jive-data-prod",
                            "tags.pipeline_phase": "infra-prod",
                            "tags.region": "eu-central-1",
                            "tags.sla": "prod"
                        },
                        "meta": {
                            "schema_version": "1"
                        },
                        "tainted": false
                    },
                    "deposed": [],
                    "provider": ""
                },
                "aws_vpn_connection.main": {
                    "type": "aws_vpn_connection",
                    "depends_on": [
                        "aws_customer_gateway.customer_gateway",
                        "aws_vpn_gateway.vgw"
                    ],
                    "primary": {
                        "id": "vpn-e6d4338f",
                        "attributes": {
                            "customer_gateway_configuration": "\u003c?xml version=\"1.0\" encoding=\"UTF-8\"?\u003e\n\u003cvpn_connection id=\"vpn-e6d4338f\"\u003e\n  \u003ccustomer_gateway_id\u003ecgw-21f97711\u003c/customer_gateway_id\u003e\n  \u003cvpn_gateway_id\u003evgw-244dc214\u003c/vpn_gateway_id\u003e\n  \u003cvpn_connection_type\u003eipsec.1\u003c/vpn_connection_type\u003e\n  \u003cipsec_tunnel\u003e\n    \u003ccustomer_gateway\u003e\n      \u003ctunnel_outside_address\u003e\n        \u003cip_address\u003e204.93.80.68\u003c/ip_address\u003e\n      \u003c/tunnel_outside_address\u003e\n      \u003ctunnel_inside_address\u003e\n        \u003cip_address\u003e169.254.40.10\u003c/ip_address\u003e\n        \u003cnetwork_mask\u003e255.255.255.252\u003c/network_mask\u003e\n        \u003cnetwork_cidr\u003e30\u003c/network_cidr\u003e\n      \u003c/tunnel_inside_address\u003e\n      \u003cbgp\u003e\n        \u003casn\u003e13364\u003c/asn\u003e\n        \u003chold_time\u003e30\u003c/hold_time\u003e\n      \u003c/bgp\u003e\n    \u003c/customer_gateway\u003e\n    \u003cvpn_gateway\u003e\n      \u003ctunnel_outside_address\u003e\n        \u003cip_address\u003e35.157.111.78\u003c/ip_address\u003e\n      \u003c/tunnel_outside_address\u003e\n      \u003ctunnel_inside_address\u003e\n        \u003cip_address\u003e169.254.40.9\u003c/ip_address\u003e\n        \u003cnetwork_mask\u003e255.255.255.252\u003c/network_mask\u003e\n        \u003cnetwork_cidr\u003e30\u003c/network_cidr\u003e\n      \u003c/tunnel_inside_address\u003e\n      \u003cbgp\u003e\n        \u003casn\u003e7224\u003c/asn\u003e\n        \u003chold_time\u003e30\u003c/hold_time\u003e\n      \u003c/bgp\u003e\n    \u003c/vpn_gateway\u003e\n    \u003cike\u003e\n      \u003cauthentication_protocol\u003esha1\u003c/authentication_protocol\u003e\n      \u003cencryption_protocol\u003eaes-128-cbc\u003c/encryption_protocol\u003e\n      \u003clifetime\u003e28800\u003c/lifetime\u003e\n      \u003cperfect_forward_secrecy\u003egroup2\u003c/perfect_forward_secrecy\u003e\n      \u003cmode\u003emain\u003c/mode\u003e\n      \u003cpre_shared_key\u003e.eurqS3O0xw6ZxPZjIHHAoV6IG_XS56y\u003c/pre_shared_key\u003e\n    \u003c/ike\u003e\n    \u003cipsec\u003e\n      \u003cprotocol\u003eesp\u003c/protocol\u003e\n      \u003cauthentication_protocol\u003ehmac-sha1-96\u003c/authentication_protocol\u003e\n      \u003cencryption_protocol\u003eaes-128-cbc\u003c/encryption_protocol\u003e\n      \u003clifetime\u003e3600\u003c/lifetime\u003e\n      \u003cperfect_forward_secrecy\u003egroup2\u003c/perfect_forward_secrecy\u003e\n      \u003cmode\u003etunnel\u003c/mode\u003e\n      \u003cclear_df_bit\u003etrue\u003c/clear_df_bit\u003e\n      \u003cfragmentation_before_encryption\u003etrue\u003c/fragmentation_before_encryption\u003e\n      \u003ctcp_mss_adjustment\u003e1379\u003c/tcp_mss_adjustment\u003e\n      \u003cdead_peer_detection\u003e\n        \u003cinterval\u003e10\u003c/interval\u003e\n        \u003cretries\u003e3\u003c/retries\u003e\n      \u003c/dead_peer_detection\u003e\n    \u003c/ipsec\u003e\n  \u003c/ipsec_tunnel\u003e\n  \u003cipsec_tunnel\u003e\n    \u003ccustomer_gateway\u003e\n      \u003ctunnel_outside_address\u003e\n        \u003cip_address\u003e204.93.80.68\u003c/ip_address\u003e\n      \u003c/tunnel_outside_address\u003e\n      \u003ctunnel_inside_address\u003e\n        \u003cip_address\u003e169.254.42.206\u003c/ip_address\u003e\n        \u003cnetwork_mask\u003e255.255.255.252\u003c/network_mask\u003e\n        \u003cnetwork_cidr\u003e30\u003c/network_cidr\u003e\n      \u003c/tunnel_inside_address\u003e\n      \u003cbgp\u003e\n        \u003casn\u003e13364\u003c/asn\u003e\n        \u003chold_time\u003e30\u003c/hold_time\u003e\n      \u003c/bgp\u003e\n    \u003c/customer_gateway\u003e\n    \u003cvpn_gateway\u003e\n      \u003ctunnel_outside_address\u003e\n        \u003cip_address\u003e52.28.251.185\u003c/ip_address\u003e\n      \u003c/tunnel_outside_address\u003e\n      \u003ctunnel_inside_address\u003e\n        \u003cip_address\u003e169.254.42.205\u003c/ip_address\u003e\n        \u003cnetwork_mask\u003e255.255.255.252\u003c/network_mask\u003e\n        \u003cnetwork_cidr\u003e30\u003c/network_cidr\u003e\n      \u003c/tunnel_inside_address\u003e\n      \u003cbgp\u003e\n        \u003casn\u003e7224\u003c/asn\u003e\n        \u003chold_time\u003e30\u003c/hold_time\u003e\n      \u003c/bgp\u003e\n    \u003c/vpn_gateway\u003e\n    \u003cike\u003e\n      \u003cauthentication_protocol\u003esha1\u003c/authentication_protocol\u003e\n      \u003cencryption_protocol\u003eaes-128-cbc\u003c/encryption_protocol\u003e\n      \u003clifetime\u003e28800\u003c/lifetime\u003e\n      \u003cperfect_forward_secrecy\u003egroup2\u003c/perfect_forward_secrecy\u003e\n      \u003cmode\u003emain\u003c/mode\u003e\n      \u003cpre_shared_key\u003ezlr5qX22hhM4WN8pf3rpBNNBJHLiRvVS\u003c/pre_shared_key\u003e\n    \u003c/ike\u003e\n    \u003cipsec\u003e\n      \u003cprotocol\u003eesp\u003c/protocol\u003e\n      \u003cauthentication_protocol\u003ehmac-sha1-96\u003c/authentication_protocol\u003e\n      \u003cencryption_protocol\u003eaes-128-cbc\u003c/encryption_protocol\u003e\n      \u003clifetime\u003e3600\u003c/lifetime\u003e\n      \u003cperfect_forward_secrecy\u003egroup2\u003c/perfect_forward_secrecy\u003e\n      \u003cmode\u003etunnel\u003c/mode\u003e\n      \u003cclear_df_bit\u003etrue\u003c/clear_df_bit\u003e\n      \u003cfragmentation_before_encryption\u003etrue\u003c/fragmentation_before_encryption\u003e\n      \u003ctcp_mss_adjustment\u003e1379\u003c/tcp_mss_adjustment\u003e\n      \u003cdead_peer_detection\u003e\n        \u003cinterval\u003e10\u003c/interval\u003e\n        \u003cretries\u003e3\u003c/retries\u003e\n      \u003c/dead_peer_detection\u003e\n    \u003c/ipsec\u003e\n  \u003c/ipsec_tunnel\u003e\n\u003c/vpn_connection\u003e\n",
                            "customer_gateway_id": "cgw-21f97711",
                            "id": "vpn-e6d4338f",
                            "routes.#": "0",
                            "static_routes_only": "false",
                            "tags.%": "5",
                            "tags.Name": "infra-prod-jive-vpn",
                            "tags.account_name": "jive-data-prod",
                            "tags.pipeline_phase": "infra-prod",
                            "tags.region": "eu-central-1",
                            "tags.sla": "prod",
                            "tunnel1_address": "35.157.111.78",
                            "tunnel1_preshared_key": ".eurqS3O0xw6ZxPZjIHHAoV6IG_XS56y",
                            "tunnel2_address": "52.28.251.185",
                            "tunnel2_preshared_key": "zlr5qX22hhM4WN8pf3rpBNNBJHLiRvVS",
                            "type": "ipsec.1",
                            "vgw_telemetry.#": "2",
                            "vgw_telemetry.1110601443.accepted_route_count": "0",
                            "vgw_telemetry.1110601443.last_status_change": "2017-05-11 23:08:13 +0000 UTC",
                            "vgw_telemetry.1110601443.outside_ip_address": "35.157.111.78",
                            "vgw_telemetry.1110601443.status": "DOWN",
                            "vgw_telemetry.1110601443.status_message": "IPSEC IS DOWN",
                            "vgw_telemetry.547308555.accepted_route_count": "0",
                            "vgw_telemetry.547308555.last_status_change": "2017-05-11 23:08:06 +0000 UTC",
                            "vgw_telemetry.547308555.outside_ip_address": "52.28.251.185",
                            "vgw_telemetry.547308555.status": "DOWN",
                            "vgw_telemetry.547308555.status_message": "IPSEC IS DOWN",
                            "vpn_gateway_id": "vgw-244dc214"
                        },
                        "meta": {},
                        "tainted": false
                    },
                    "deposed": [],
                    "provider": ""
                },
                "aws_vpn_gateway.vgw": {
                    "type": "aws_vpn_gateway",
                    "depends_on": [
                        "aws_vpc.main"
                    ],
                    "primary": {
                        "id": "vgw-244dc214",
                        "attributes": {
                            "id": "vgw-244dc214",
                            "tags.%": "7",
                            "tags.Name": "infra-prod-vgw",
                            "tags.account_name": "jive-data-prod",
                            "tags.jive_service": "infrastructure",
                            "tags.pipeline_phase": "infra-prod",
                            "tags.region": "eu-central-1",
                            "tags.service_component": "vpn_gateway",
                            "tags.sla": "prod",
                            "vpc_id": "vpc-9912cdf1"
                        },
                        "meta": {},
                        "tainted": false
                    },
                    "deposed": [],
                    "provider": ""
                },
                "data.template_file.bastion_user_data": {
                    "type": "template_file",
                    "depends_on": [
                        "aws_network_interface.bastion"
                    ],
                    "primary": {
                        "id": "f477f50420845380a740ff6b6254dfa28da5ff09a6171986361914fa4017fee6",
                        "attributes": {
                            "id": "f477f50420845380a740ff6b6254dfa28da5ff09a6171986361914fa4017fee6",
                            "rendered": "#!/bin/bash\n\ndeclare -r instance_id=$(curl -s http://169.254.169.254/latest/meta-data/instance-id)\ndeclare -r bi=10.127.71.7\ndeclare -r bastion_gw=\"${bi%.*}.1\"\n\nfunction_prep() {\n    # Get pip for awscli\n    yum install -y epel-release\n    yum install -y python-pip\n    pip install awscli\n}\n\nfunction_eni() {\n    # Attached the ENI to the Bastion instance\n    /usr/bin/aws ec2 attach-network-interface   --region eu-central-1 \\\n                                                --network-interface-id eni-5ccc6c30 \\\n                                                --instance-id $instance_id \\\n                                                --device-index 1\n\n    # Give the ENI some time to get an IP and attach correctly\n    sleep 30\n}\n\nfunction_network() {\n    # Make eth1 the default route, set eth0 off, and set eth1 on, then restart the network\n    cat \u003c\u003cEOF \u003e /etc/sysconfig/network\nNETWORKING=yes\nNOZEROCONF=yes\nGATEWAY=$bastion_gw\nGATEWAYDEV=eth1\nEOF\n\n    cat \u003c\u003cEOF \u003e /etc/sysconfig/network-scripts/ifcfg-eth0\nDEVICE=\"eth0\"\nONBOOT=\"no\"\nEOF\n\n    cat \u003c\u003cEOF \u003e /etc/sysconfig/network-scripts/ifcfg-eth1\nDEVICE=eth1\nBOOTPROTO=static\nDHCPCLASS=\nIPADDR=10.127.71.7\nNETMASK=255.255.255.224\nONBOOT=yes\nEOF\n\n    systemctl restart network\n}\n\nfunction_nexus() {\n    # URL redirect fails without this entry\n    echo \"10.10.100.155 nexus-int.eng.jiveland.com\" \u003e\u003e /etc/hosts\n\n    # Script to download Ansible artifact from Nexus\n    cat \u003c\u003c'EOF' \u003e /tmp/get_nexus_artifact.sh\n#!/bin/bash\n# Argument = -h -v -i groupId:artifactId:version -c classifier -p packaging -r repository\n\n# Define Nexus Configuration\nNEXUS_BASE=nexus-int.eng.jiveland.com\nREST_PATH=/service/local\nART_REDIR=/artifact/maven/redirect\n\n# Read in Complete Set of Coordinates from the Command Line\nGROUP_ID=\nARTIFACT_ID=\nVERSION=\"LATEST\"\nCLASSIFIER=\"\"\nPACKAGING=tar.gz\nREPO=\"candidates\"\nVERBOSE=0\n\nwhile getopts \"hvi:c:p:\" OPTION\ndo\n     case $OPTION in\n         h)\n             usage\n             exit 1\n             ;;\n         i)\n\t     OIFS=$IFS\n             IFS=\":\"\n\t     GAV_COORD=( $OPTARG )\n\t     GROUP_ID=${GAV_COORD[0]}\n             ARTIFACT_ID=${GAV_COORD[1]}\n             VERSION=${GAV_COORD[2]}\n\t     IFS=$OIFS\n             ;;\n         c)\n             CLASSIFIER=$OPTARG\n             ;;\n         p)\n             PACKAGING=$OPTARG\n             ;;\n         v)\n             VERBOSE=1\n             ;;\n         ?)\n             usage\n             exit\n             ;;\n     esac\ndone\n\nif [[ -z $GROUP_ID ]] || [[ -z $ARTIFACT_ID ]] || [[ -z $VERSION ]]\nthen\n     echo \"BAD ARGUMENTS: Either groupId, artifactId, or version was not supplied\" \u003e\u00262\n     usage\n     exit 1\nfi\n\n# Construct the base URL\nREDIRECT_URL=${NEXUS_BASE}${REST_PATH}${ART_REDIR}\n\n# Generate the list of parameters\nPARAM_KEYS=( g a v r p c )\nPARAM_VALUES=( $GROUP_ID $ARTIFACT_ID $VERSION $REPO $PACKAGING $CLASSIFIER )\nPARAMS=\"\"\nfor index in ${!PARAM_KEYS[*]}\ndo\n  if [[ ${PARAM_VALUES[$index]} != \"\" ]]\n  then\n    PARAMS=\"${PARAMS}${PARAM_KEYS[$index]}=${PARAM_VALUES[$index]}\u0026\"\n  fi\ndone\n\nREDIRECT_URL=\"${REDIRECT_URL}?${PARAMS}\"\n\necho \"Fetching Artifact from $REDIRECT_URL...\" \u003e\u00262\ncurl -sS -L ${REDIRECT_URL}\nEOF\n    # Run script to download latest Ansible artifact and unpack\n    chmod +x /tmp/get_nexus_artifact.sh\n    /tmp/get_nexus_artifact.sh -i com.jivesoftware.techops:ansible-common:LATEST \u003e /tmp/ansible-common.tar.gz\n}\n\nfunction_ansible() {\n    # Need Sudo TTY\n    sed -i s/'Defaults    requiretty'/'#Defaults    requiretty'/ /etc/sudoers\n    # Disable SELINUX for SSSD\n    sed -i 's/^SELINUX=.*/SELINUX=disabled/' /etc/selinux/config\n    # Create Ansible working directories\n    mkdir -p /tmp/ansible-common\n    tar xf /tmp/ansible-common.tar.gz -C /tmp/ansible-common/\n    # Set Python to 2.6 and run Ansible locally\n    alternatives --set python /usr/bin/python2.6\n    yum install -y python-boto ansible\n\n    # Run Ansible\n    /tmp/ansible-common/bin/run_ansible.sh /tmp/ansible-common/playbook-bastion.yml -e region=eu-central-1 --connection=local -i /tmp/ansible-common/inventory_ec2/ \u003e\u003e /tmp/ansible-common/ansible_debug.log\n\n    # Change permissions on Ansible artifact so that ansible deploy pipeline\n    # can overwrite them in the future\n    chown -R ansible:service-users /tmp/ansible-common /tmp/ansible-common.tar.gz\n}\n\nfunction_restart() {\n    # Need to restart for SELINUX change.\n    shutdown -r now\n}\n\n# Run the things\nfunction_prep\nfunction_eni\nfunction_network\nfunction_nexus\nfunction_ansible\nfunction_restart\n",
                            "template": "#!/bin/bash\n\ndeclare -r instance_id=$(curl -s http://169.254.169.254/latest/meta-data/instance-id)\ndeclare -r bi=${bastion_ip}\ndeclare -r bastion_gw=\"$${bi%.*}.1\"\n\nfunction_prep() {\n    # Get pip for awscli\n    yum install -y epel-release\n    yum install -y python-pip\n    pip install awscli\n}\n\nfunction_eni() {\n    # Attached the ENI to the Bastion instance\n    /usr/bin/aws ec2 attach-network-interface   --region ${region} \\\n                                                --network-interface-id ${eni} \\\n                                                --instance-id $instance_id \\\n                                                --device-index 1\n\n    # Give the ENI some time to get an IP and attach correctly\n    sleep 30\n}\n\nfunction_network() {\n    # Make eth1 the default route, set eth0 off, and set eth1 on, then restart the network\n    cat \u003c\u003cEOF \u003e /etc/sysconfig/network\nNETWORKING=yes\nNOZEROCONF=yes\nGATEWAY=$bastion_gw\nGATEWAYDEV=eth1\nEOF\n\n    cat \u003c\u003cEOF \u003e /etc/sysconfig/network-scripts/ifcfg-eth0\nDEVICE=\"eth0\"\nONBOOT=\"no\"\nEOF\n\n    cat \u003c\u003cEOF \u003e /etc/sysconfig/network-scripts/ifcfg-eth1\nDEVICE=eth1\nBOOTPROTO=static\nDHCPCLASS=\nIPADDR=${bastion_ip}\nNETMASK=255.255.255.224\nONBOOT=yes\nEOF\n\n    systemctl restart network\n}\n\nfunction_nexus() {\n    # URL redirect fails without this entry\n    echo \"10.10.100.155 nexus-int.eng.jiveland.com\" \u003e\u003e /etc/hosts\n\n    # Script to download Ansible artifact from Nexus\n    cat \u003c\u003c'EOF' \u003e /tmp/get_nexus_artifact.sh\n#!/bin/bash\n# Argument = -h -v -i groupId:artifactId:version -c classifier -p packaging -r repository\n\n# Define Nexus Configuration\nNEXUS_BASE=nexus-int.eng.jiveland.com\nREST_PATH=/service/local\nART_REDIR=/artifact/maven/redirect\n\n# Read in Complete Set of Coordinates from the Command Line\nGROUP_ID=\nARTIFACT_ID=\nVERSION=\"LATEST\"\nCLASSIFIER=\"\"\nPACKAGING=tar.gz\nREPO=\"candidates\"\nVERBOSE=0\n\nwhile getopts \"hvi:c:p:\" OPTION\ndo\n     case $OPTION in\n         h)\n             usage\n             exit 1\n             ;;\n         i)\n\t     OIFS=$IFS\n             IFS=\":\"\n\t     GAV_COORD=( $OPTARG )\n\t     GROUP_ID=$${GAV_COORD[0]}\n             ARTIFACT_ID=$${GAV_COORD[1]}\n             VERSION=$${GAV_COORD[2]}\n\t     IFS=$OIFS\n             ;;\n         c)\n             CLASSIFIER=$OPTARG\n             ;;\n         p)\n             PACKAGING=$OPTARG\n             ;;\n         v)\n             VERBOSE=1\n             ;;\n         ?)\n             usage\n             exit\n             ;;\n     esac\ndone\n\nif [[ -z $GROUP_ID ]] || [[ -z $ARTIFACT_ID ]] || [[ -z $VERSION ]]\nthen\n     echo \"BAD ARGUMENTS: Either groupId, artifactId, or version was not supplied\" \u003e\u00262\n     usage\n     exit 1\nfi\n\n# Construct the base URL\nREDIRECT_URL=$${NEXUS_BASE}$${REST_PATH}$${ART_REDIR}\n\n# Generate the list of parameters\nPARAM_KEYS=( g a v r p c )\nPARAM_VALUES=( $GROUP_ID $ARTIFACT_ID $VERSION $REPO $PACKAGING $CLASSIFIER )\nPARAMS=\"\"\nfor index in $${!PARAM_KEYS[*]}\ndo\n  if [[ $${PARAM_VALUES[$index]} != \"\" ]]\n  then\n    PARAMS=\"$${PARAMS}$${PARAM_KEYS[$index]}=$${PARAM_VALUES[$index]}\u0026\"\n  fi\ndone\n\nREDIRECT_URL=\"$${REDIRECT_URL}?$${PARAMS}\"\n\necho \"Fetching Artifact from $REDIRECT_URL...\" \u003e\u00262\ncurl -sS -L $${REDIRECT_URL}\nEOF\n    # Run script to download latest Ansible artifact and unpack\n    chmod +x /tmp/get_nexus_artifact.sh\n    /tmp/get_nexus_artifact.sh -i com.jivesoftware.techops:ansible-common:LATEST \u003e /tmp/ansible-common.tar.gz\n}\n\nfunction_ansible() {\n    # Need Sudo TTY\n    sed -i s/'Defaults    requiretty'/'#Defaults    requiretty'/ /etc/sudoers\n    # Disable SELINUX for SSSD\n    sed -i 's/^SELINUX=.*/SELINUX=disabled/' /etc/selinux/config\n    # Create Ansible working directories\n    mkdir -p /tmp/ansible-common\n    tar xf /tmp/ansible-common.tar.gz -C /tmp/ansible-common/\n    # Set Python to 2.6 and run Ansible locally\n    alternatives --set python /usr/bin/python2.6\n    yum install -y python-boto ansible\n\n    # Run Ansible\n    /tmp/ansible-common/bin/run_ansible.sh /tmp/ansible-common/playbook-bastion.yml -e region=${region} --connection=local -i /tmp/ansible-common/inventory_ec2/ \u003e\u003e /tmp/ansible-common/ansible_debug.log\n\n    # Change permissions on Ansible artifact so that ansible deploy pipeline\n    # can overwrite them in the future\n    chown -R ansible:service-users /tmp/ansible-common /tmp/ansible-common.tar.gz\n}\n\nfunction_restart() {\n    # Need to restart for SELINUX change.\n    shutdown -r now\n}\n\n# Run the things\nfunction_prep\nfunction_eni\nfunction_network\nfunction_nexus\nfunction_ansible\nfunction_restart\n",
                            "vars.%": "5",
                            "vars.account_name": "jive-data-prod",
                            "vars.bastion_ip": "10.127.71.7",
                            "vars.eni": "eni-5ccc6c30",
                            "vars.pipeline_phase": "infra-prod",
                            "vars.region": "eu-central-1"
                        },
                        "meta": {},
                        "tainted": false
                    },
                    "deposed": [],
                    "provider": ""
                }
            },
            "depends_on": []
        }
    ]
}
