{
    "version": 3,
    "terraform_version": "0.9.4",
    "serial": 0,
    "lineage": "b08cd80b-c572-4411-8b74-1e3764be4969",
    "modules": [
        {
            "path": [
                "root"
            ],
            "outputs": {},
            "resources": {
                "aws_eip.natgw.0": {
                    "type": "aws_eip",
                    "depends_on": [],
                    "primary": {
                        "id": "eipalloc-c67885f5",
                        "attributes": {
                            "association_id": "",
                            "domain": "vpc",
                            "id": "eipalloc-c67885f5",
                            "instance": "",
                            "network_interface": "",
                            "private_ip": "",
                            "public_ip": "52.20.231.148",
                            "vpc": "true"
                        },
                        "meta": {},
                        "tainted": false
                    },
                    "deposed": [],
                    "provider": ""
                },
                "aws_eip.natgw.1": {
                    "type": "aws_eip",
                    "depends_on": [],
                    "primary": {
                        "id": "eipalloc-16788525",
                        "attributes": {
                            "association_id": "",
                            "domain": "vpc",
                            "id": "eipalloc-16788525",
                            "instance": "",
                            "network_interface": "",
                            "private_ip": "",
                            "public_ip": "34.230.193.243",
                            "vpc": "true"
                        },
                        "meta": {},
                        "tainted": false
                    },
                    "deposed": [],
                    "provider": ""
                },
                "aws_eip.natgw.2": {
                    "type": "aws_eip",
                    "depends_on": [],
                    "primary": {
                        "id": "eipalloc-2b7a8718",
                        "attributes": {
                            "association_id": "",
                            "domain": "vpc",
                            "id": "eipalloc-2b7a8718",
                            "instance": "",
                            "network_interface": "",
                            "private_ip": "",
                            "public_ip": "34.231.118.156",
                            "vpc": "true"
                        },
                        "meta": {},
                        "tainted": false
                    },
                    "deposed": [],
                    "provider": ""
                },
                "aws_eip.natgw.3": {
                    "type": "aws_eip",
                    "depends_on": [],
                    "primary": {
                        "id": "eipalloc-e27a87d1",
                        "attributes": {
                            "association_id": "",
                            "domain": "vpc",
                            "id": "eipalloc-e27a87d1",
                            "instance": "",
                            "network_interface": "",
                            "private_ip": "",
                            "public_ip": "34.204.115.168",
                            "vpc": "true"
                        },
                        "meta": {},
                        "tainted": false
                    },
                    "deposed": [],
                    "provider": ""
                },
                "aws_eip.natgw.4": {
                    "type": "aws_eip",
                    "depends_on": [],
                    "primary": {
                        "id": "eipalloc-6e7b865d",
                        "attributes": {
                            "association_id": "",
                            "domain": "vpc",
                            "id": "eipalloc-6e7b865d",
                            "instance": "",
                            "network_interface": "",
                            "private_ip": "",
                            "public_ip": "34.231.61.126",
                            "vpc": "true"
                        },
                        "meta": {},
                        "tainted": false
                    },
                    "deposed": [],
                    "provider": ""
                },
                "aws_internet_gateway.igw": {
                    "type": "aws_internet_gateway",
                    "depends_on": [
                        "aws_vpc.main"
                    ],
                    "primary": {
                        "id": "igw-5a44113c",
                        "attributes": {
                            "id": "igw-5a44113c",
                            "tags.%": "5",
                            "tags.Name": "uat-igw",
                            "tags.account_name": "jive-ps-prod",
                            "tags.pipeline_phase": "uat",
                            "tags.region": "us-east-1",
                            "tags.sla": "prod",
                            "vpc_id": "vpc-075f387e"
                        },
                        "meta": {},
                        "tainted": false
                    },
                    "deposed": [],
                    "provider": ""
                },
                "aws_nat_gateway.natgw.0": {
                    "type": "aws_nat_gateway",
                    "depends_on": [
                        "aws_eip.natgw.*",
                        "aws_internet_gateway.igw",
                        "aws_subnet.public.*"
                    ],
                    "primary": {
                        "id": "nat-0a88b73db2937ec17",
                        "attributes": {
                            "allocation_id": "eipalloc-c67885f5",
                            "id": "nat-0a88b73db2937ec17",
                            "network_interface_id": "eni-6fb10578",
                            "private_ip": "10.124.138.5",
                            "public_ip": "52.20.231.148",
                            "subnet_id": "subnet-d57c9fb1"
                        },
                        "meta": {},
                        "tainted": false
                    },
                    "deposed": [],
                    "provider": ""
                },
                "aws_nat_gateway.natgw.1": {
                    "type": "aws_nat_gateway",
                    "depends_on": [
                        "aws_eip.natgw.*",
                        "aws_internet_gateway.igw",
                        "aws_subnet.public.*"
                    ],
                    "primary": {
                        "id": "nat-0ae9b3c79cf488327",
                        "attributes": {
                            "allocation_id": "eipalloc-16788525",
                            "id": "nat-0ae9b3c79cf488327",
                            "network_interface_id": "eni-ebabe344",
                            "private_ip": "10.124.138.250",
                            "public_ip": "34.230.193.243",
                            "subnet_id": "subnet-b4a93598"
                        },
                        "meta": {},
                        "tainted": false
                    },
                    "deposed": [],
                    "provider": ""
                },
                "aws_nat_gateway.natgw.2": {
                    "type": "aws_nat_gateway",
                    "depends_on": [
                        "aws_eip.natgw.*",
                        "aws_internet_gateway.igw",
                        "aws_subnet.public.*"
                    ],
                    "primary": {
                        "id": "nat-03fe1a194ad099a9f",
                        "attributes": {
                            "allocation_id": "eipalloc-2b7a8718",
                            "id": "nat-03fe1a194ad099a9f",
                            "network_interface_id": "eni-066a95d4",
                            "private_ip": "10.124.139.35",
                            "public_ip": "34.231.118.156",
                            "subnet_id": "subnet-7283d43a"
                        },
                        "meta": {},
                        "tainted": false
                    },
                    "deposed": [],
                    "provider": ""
                },
                "aws_nat_gateway.natgw.3": {
                    "type": "aws_nat_gateway",
                    "depends_on": [
                        "aws_eip.natgw.*",
                        "aws_internet_gateway.igw",
                        "aws_subnet.public.*"
                    ],
                    "primary": {
                        "id": "nat-0c084fd59e74cdeeb",
                        "attributes": {
                            "allocation_id": "eipalloc-e27a87d1",
                            "id": "nat-0c084fd59e74cdeeb",
                            "network_interface_id": "eni-0d9f9da4",
                            "private_ip": "10.124.139.243",
                            "public_ip": "34.204.115.168",
                            "subnet_id": "subnet-0f71e555"
                        },
                        "meta": {},
                        "tainted": false
                    },
                    "deposed": [],
                    "provider": ""
                },
                "aws_nat_gateway.natgw.4": {
                    "type": "aws_nat_gateway",
                    "depends_on": [
                        "aws_eip.natgw.*",
                        "aws_internet_gateway.igw",
                        "aws_subnet.public.*"
                    ],
                    "primary": {
                        "id": "nat-08d31d5ec038b8bb9",
                        "attributes": {
                            "allocation_id": "eipalloc-6e7b865d",
                            "id": "nat-08d31d5ec038b8bb9",
                            "network_interface_id": "eni-f0c031f0",
                            "private_ip": "10.124.140.23",
                            "public_ip": "34.231.61.126",
                            "subnet_id": "subnet-2bcbc617"
                        },
                        "meta": {},
                        "tainted": false
                    },
                    "deposed": [],
                    "provider": ""
                },
                "aws_route.bastion_natdc.0": {
                    "type": "aws_route",
                    "depends_on": [
                        "aws_route_table.natdc.*",
                        "aws_vpc_peering_connection.infra"
                    ],
                    "primary": {
                        "id": "r-rtb-59cafe212901700788",
                        "attributes": {
                            "destination_cidr_block": "10.127.62.7/32",
                            "destination_prefix_list_id": "",
                            "egress_only_gateway_id": "",
                            "gateway_id": "",
                            "id": "r-rtb-59cafe212901700788",
                            "instance_id": "",
                            "instance_owner_id": "",
                            "nat_gateway_id": "",
                            "network_interface_id": "",
                            "origin": "CreateRoute",
                            "route_table_id": "rtb-59cafe21",
                            "state": "active",
                            "vpc_peering_connection_id": "pcx-7c7d0e15"
                        },
                        "meta": {},
                        "tainted": false
                    },
                    "deposed": [],
                    "provider": ""
                },
                "aws_route.bastion_natdc.1": {
                    "type": "aws_route",
                    "depends_on": [
                        "aws_route_table.natdc.*",
                        "aws_vpc_peering_connection.infra"
                    ],
                    "primary": {
                        "id": "r-rtb-9dcdf9e52901700788",
                        "attributes": {
                            "destination_cidr_block": "10.127.62.7/32",
                            "destination_prefix_list_id": "",
                            "egress_only_gateway_id": "",
                            "gateway_id": "",
                            "id": "r-rtb-9dcdf9e52901700788",
                            "instance_id": "",
                            "instance_owner_id": "",
                            "nat_gateway_id": "",
                            "network_interface_id": "",
                            "origin": "CreateRoute",
                            "route_table_id": "rtb-9dcdf9e5",
                            "state": "active",
                            "vpc_peering_connection_id": "pcx-7c7d0e15"
                        },
                        "meta": {},
                        "tainted": false
                    },
                    "deposed": [],
                    "provider": ""
                },
                "aws_route.bastion_natdc.2": {
                    "type": "aws_route",
                    "depends_on": [
                        "aws_route_table.natdc.*",
                        "aws_vpc_peering_connection.infra"
                    ],
                    "primary": {
                        "id": "r-rtb-e2c1f59a2901700788",
                        "attributes": {
                            "destination_cidr_block": "10.127.62.7/32",
                            "destination_prefix_list_id": "",
                            "egress_only_gateway_id": "",
                            "gateway_id": "",
                            "id": "r-rtb-e2c1f59a2901700788",
                            "instance_id": "",
                            "instance_owner_id": "",
                            "nat_gateway_id": "",
                            "network_interface_id": "",
                            "origin": "CreateRoute",
                            "route_table_id": "rtb-e2c1f59a",
                            "state": "active",
                            "vpc_peering_connection_id": "pcx-7c7d0e15"
                        },
                        "meta": {},
                        "tainted": false
                    },
                    "deposed": [],
                    "provider": ""
                },
                "aws_route.bastion_natdc.3": {
                    "type": "aws_route",
                    "depends_on": [
                        "aws_route_table.natdc.*",
                        "aws_vpc_peering_connection.infra"
                    ],
                    "primary": {
                        "id": "r-rtb-11c2f6692901700788",
                        "attributes": {
                            "destination_cidr_block": "10.127.62.7/32",
                            "destination_prefix_list_id": "",
                            "egress_only_gateway_id": "",
                            "gateway_id": "",
                            "id": "r-rtb-11c2f6692901700788",
                            "instance_id": "",
                            "instance_owner_id": "",
                            "nat_gateway_id": "",
                            "network_interface_id": "",
                            "origin": "CreateRoute",
                            "route_table_id": "rtb-11c2f669",
                            "state": "active",
                            "vpc_peering_connection_id": "pcx-7c7d0e15"
                        },
                        "meta": {},
                        "tainted": false
                    },
                    "deposed": [],
                    "provider": ""
                },
                "aws_route.bastion_natdc.4": {
                    "type": "aws_route",
                    "depends_on": [
                        "aws_route_table.natdc.*",
                        "aws_vpc_peering_connection.infra"
                    ],
                    "primary": {
                        "id": "r-rtb-b3ccf8cb2901700788",
                        "attributes": {
                            "destination_cidr_block": "10.127.62.7/32",
                            "destination_prefix_list_id": "",
                            "egress_only_gateway_id": "",
                            "gateway_id": "",
                            "id": "r-rtb-b3ccf8cb2901700788",
                            "instance_id": "",
                            "instance_owner_id": "",
                            "nat_gateway_id": "",
                            "network_interface_id": "",
                            "origin": "CreateRoute",
                            "route_table_id": "rtb-b3ccf8cb",
                            "state": "active",
                            "vpc_peering_connection_id": "pcx-7c7d0e15"
                        },
                        "meta": {},
                        "tainted": false
                    },
                    "deposed": [],
                    "provider": ""
                },
                "aws_route.bastion_private": {
                    "type": "aws_route",
                    "depends_on": [
                        "aws_route_table.private",
                        "aws_vpc_peering_connection.infra"
                    ],
                    "primary": {
                        "id": "r-rtb-c1cefab92901700788",
                        "attributes": {
                            "destination_cidr_block": "10.127.62.7/32",
                            "destination_prefix_list_id": "",
                            "egress_only_gateway_id": "",
                            "gateway_id": "",
                            "id": "r-rtb-c1cefab92901700788",
                            "instance_id": "",
                            "instance_owner_id": "",
                            "nat_gateway_id": "",
                            "network_interface_id": "",
                            "origin": "CreateRoute",
                            "route_table_id": "rtb-c1cefab9",
                            "state": "active",
                            "vpc_peering_connection_id": "pcx-7c7d0e15"
                        },
                        "meta": {},
                        "tainted": false
                    },
                    "deposed": [],
                    "provider": ""
                },
                "aws_route.bastion_public": {
                    "type": "aws_route",
                    "depends_on": [
                        "aws_route_table.public",
                        "aws_vpc_peering_connection.infra"
                    ],
                    "primary": {
                        "id": "r-rtb-0dc0f4752901700788",
                        "attributes": {
                            "destination_cidr_block": "10.127.62.7/32",
                            "destination_prefix_list_id": "",
                            "egress_only_gateway_id": "",
                            "gateway_id": "",
                            "id": "r-rtb-0dc0f4752901700788",
                            "instance_id": "",
                            "instance_owner_id": "",
                            "nat_gateway_id": "",
                            "network_interface_id": "",
                            "origin": "CreateRoute",
                            "route_table_id": "rtb-0dc0f475",
                            "state": "active",
                            "vpc_peering_connection_id": "pcx-7c7d0e15"
                        },
                        "meta": {},
                        "tainted": false
                    },
                    "deposed": [],
                    "provider": ""
                },
                "aws_route.infra_natdc.0": {
                    "type": "aws_route",
                    "depends_on": [
                        "aws_vpc_peering_connection.infra"
                    ],
                    "primary": {
                        "id": "r-rtb-0e2d07762091968374",
                        "attributes": {
                            "destination_cidr_block": "10.124.128.0/20",
                            "destination_prefix_list_id": "",
                            "egress_only_gateway_id": "",
                            "gateway_id": "",
                            "id": "r-rtb-0e2d07762091968374",
                            "instance_id": "",
                            "instance_owner_id": "",
                            "nat_gateway_id": "",
                            "network_interface_id": "",
                            "origin": "CreateRoute",
                            "route_table_id": "rtb-0e2d0776",
                            "state": "active",
                            "vpc_peering_connection_id": "pcx-7c7d0e15"
                        },
                        "meta": {},
                        "tainted": false
                    },
                    "deposed": [],
                    "provider": ""
                },
                "aws_route.infra_natdc.1": {
                    "type": "aws_route",
                    "depends_on": [
                        "aws_vpc_peering_connection.infra"
                    ],
                    "primary": {
                        "id": "r-rtb-a62d07de2091968374",
                        "attributes": {
                            "destination_cidr_block": "10.124.128.0/20",
                            "destination_prefix_list_id": "",
                            "egress_only_gateway_id": "",
                            "gateway_id": "",
                            "id": "r-rtb-a62d07de2091968374",
                            "instance_id": "",
                            "instance_owner_id": "",
                            "nat_gateway_id": "",
                            "network_interface_id": "",
                            "origin": "CreateRoute",
                            "route_table_id": "rtb-a62d07de",
                            "state": "active",
                            "vpc_peering_connection_id": "pcx-7c7d0e15"
                        },
                        "meta": {},
                        "tainted": false
                    },
                    "deposed": [],
                    "provider": ""
                },
                "aws_route.infra_natdc.2": {
                    "type": "aws_route",
                    "depends_on": [
                        "aws_vpc_peering_connection.infra"
                    ],
                    "primary": {
                        "id": "r-rtb-22577d5a2091968374",
                        "attributes": {
                            "destination_cidr_block": "10.124.128.0/20",
                            "destination_prefix_list_id": "",
                            "egress_only_gateway_id": "",
                            "gateway_id": "",
                            "id": "r-rtb-22577d5a2091968374",
                            "instance_id": "",
                            "instance_owner_id": "",
                            "nat_gateway_id": "",
                            "network_interface_id": "",
                            "origin": "CreateRoute",
                            "route_table_id": "rtb-22577d5a",
                            "state": "active",
                            "vpc_peering_connection_id": "pcx-7c7d0e15"
                        },
                        "meta": {},
                        "tainted": false
                    },
                    "deposed": [],
                    "provider": ""
                },
                "aws_route.infra_natdc.3": {
                    "type": "aws_route",
                    "depends_on": [
                        "aws_vpc_peering_connection.infra"
                    ],
                    "primary": {
                        "id": "r-rtb-3e210b462091968374",
                        "attributes": {
                            "destination_cidr_block": "10.124.128.0/20",
                            "destination_prefix_list_id": "",
                            "egress_only_gateway_id": "",
                            "gateway_id": "",
                            "id": "r-rtb-3e210b462091968374",
                            "instance_id": "",
                            "instance_owner_id": "",
                            "nat_gateway_id": "",
                            "network_interface_id": "",
                            "origin": "CreateRoute",
                            "route_table_id": "rtb-3e210b46",
                            "state": "active",
                            "vpc_peering_connection_id": "pcx-7c7d0e15"
                        },
                        "meta": {},
                        "tainted": false
                    },
                    "deposed": [],
                    "provider": ""
                },
                "aws_route.infra_natdc.4": {
                    "type": "aws_route",
                    "depends_on": [
                        "aws_vpc_peering_connection.infra"
                    ],
                    "primary": {
                        "id": "r-rtb-04200a7c2091968374",
                        "attributes": {
                            "destination_cidr_block": "10.124.128.0/20",
                            "destination_prefix_list_id": "",
                            "egress_only_gateway_id": "",
                            "gateway_id": "",
                            "id": "r-rtb-04200a7c2091968374",
                            "instance_id": "",
                            "instance_owner_id": "",
                            "nat_gateway_id": "",
                            "network_interface_id": "",
                            "origin": "CreateRoute",
                            "route_table_id": "rtb-04200a7c",
                            "state": "active",
                            "vpc_peering_connection_id": "pcx-7c7d0e15"
                        },
                        "meta": {},
                        "tainted": false
                    },
                    "deposed": [],
                    "provider": ""
                },
                "aws_route.infra_private": {
                    "type": "aws_route",
                    "depends_on": [
                        "aws_vpc_peering_connection.infra"
                    ],
                    "primary": {
                        "id": "r-rtb-142d076c2091968374",
                        "attributes": {
                            "destination_cidr_block": "10.124.128.0/20",
                            "destination_prefix_list_id": "",
                            "egress_only_gateway_id": "",
                            "gateway_id": "",
                            "id": "r-rtb-142d076c2091968374",
                            "instance_id": "",
                            "instance_owner_id": "",
                            "nat_gateway_id": "",
                            "network_interface_id": "",
                            "origin": "CreateRoute",
                            "route_table_id": "rtb-142d076c",
                            "state": "active",
                            "vpc_peering_connection_id": "pcx-7c7d0e15"
                        },
                        "meta": {},
                        "tainted": false
                    },
                    "deposed": [],
                    "provider": ""
                },
                "aws_route.infra_public": {
                    "type": "aws_route",
                    "depends_on": [
                        "aws_vpc_peering_connection.infra"
                    ],
                    "primary": {
                        "id": "r-rtb-c12309b92091968374",
                        "attributes": {
                            "destination_cidr_block": "10.124.128.0/20",
                            "destination_prefix_list_id": "",
                            "egress_only_gateway_id": "",
                            "gateway_id": "",
                            "id": "r-rtb-c12309b92091968374",
                            "instance_id": "",
                            "instance_owner_id": "",
                            "nat_gateway_id": "",
                            "network_interface_id": "",
                            "origin": "CreateRoute",
                            "route_table_id": "rtb-c12309b9",
                            "state": "active",
                            "vpc_peering_connection_id": "pcx-7c7d0e15"
                        },
                        "meta": {},
                        "tainted": false
                    },
                    "deposed": [],
                    "provider": ""
                },
                "aws_route53_zone_association.route53": {
                    "type": "aws_route53_zone_association",
                    "depends_on": [
                        "aws_vpc.main"
                    ],
                    "primary": {
                        "id": "Z2IC7CCTBC9E6B:vpc-075f387e",
                        "attributes": {
                            "id": "Z2IC7CCTBC9E6B:vpc-075f387e",
                            "vpc_id": "vpc-075f387e",
                            "vpc_region": "us-east-1",
                            "zone_id": "Z2IC7CCTBC9E6B"
                        },
                        "meta": {},
                        "tainted": false
                    },
                    "deposed": [],
                    "provider": ""
                },
                "aws_route_table.natdc.0": {
                    "type": "aws_route_table",
                    "depends_on": [
                        "aws_nat_gateway.natgw.*",
                        "aws_vpc.main",
                        "aws_vpn_gateway.vgw"
                    ],
                    "primary": {
                        "id": "rtb-59cafe21",
                        "attributes": {
                            "id": "rtb-59cafe21",
                            "propagating_vgws.#": "1",
                            "propagating_vgws.4205875124": "vgw-47816a2e",
                            "route.#": "1",
                            "route.1686596424.cidr_block": "0.0.0.0/0",
                            "route.1686596424.egress_only_gateway_id": "",
                            "route.1686596424.gateway_id": "",
                            "route.1686596424.instance_id": "",
                            "route.1686596424.ipv6_cidr_block": "",
                            "route.1686596424.nat_gateway_id": "nat-0a88b73db2937ec17",
                            "route.1686596424.network_interface_id": "",
                            "route.1686596424.vpc_peering_connection_id": "",
                            "tags.%": "5",
                            "tags.Name": "uat-natdc-routetable",
                            "tags.account_name": "jive-ps-prod",
                            "tags.pipeline_phase": "uat",
                            "tags.region": "us-east-1",
                            "tags.sla": "prod",
                            "vpc_id": "vpc-075f387e"
                        },
                        "meta": {},
                        "tainted": false
                    },
                    "deposed": [],
                    "provider": ""
                },
                "aws_route_table.natdc.1": {
                    "type": "aws_route_table",
                    "depends_on": [
                        "aws_nat_gateway.natgw.*",
                        "aws_vpc.main",
                        "aws_vpn_gateway.vgw"
                    ],
                    "primary": {
                        "id": "rtb-9dcdf9e5",
                        "attributes": {
                            "id": "rtb-9dcdf9e5",
                            "propagating_vgws.#": "1",
                            "propagating_vgws.4205875124": "vgw-47816a2e",
                            "route.#": "1",
                            "route.2503480015.cidr_block": "0.0.0.0/0",
                            "route.2503480015.egress_only_gateway_id": "",
                            "route.2503480015.gateway_id": "",
                            "route.2503480015.instance_id": "",
                            "route.2503480015.ipv6_cidr_block": "",
                            "route.2503480015.nat_gateway_id": "nat-0ae9b3c79cf488327",
                            "route.2503480015.network_interface_id": "",
                            "route.2503480015.vpc_peering_connection_id": "",
                            "tags.%": "5",
                            "tags.Name": "uat-natdc-routetable",
                            "tags.account_name": "jive-ps-prod",
                            "tags.pipeline_phase": "uat",
                            "tags.region": "us-east-1",
                            "tags.sla": "prod",
                            "vpc_id": "vpc-075f387e"
                        },
                        "meta": {},
                        "tainted": false
                    },
                    "deposed": [],
                    "provider": ""
                },
                "aws_route_table.natdc.2": {
                    "type": "aws_route_table",
                    "depends_on": [
                        "aws_nat_gateway.natgw.*",
                        "aws_vpc.main",
                        "aws_vpn_gateway.vgw"
                    ],
                    "primary": {
                        "id": "rtb-e2c1f59a",
                        "attributes": {
                            "id": "rtb-e2c1f59a",
                            "propagating_vgws.#": "1",
                            "propagating_vgws.4205875124": "vgw-47816a2e",
                            "route.#": "1",
                            "route.3244450317.cidr_block": "0.0.0.0/0",
                            "route.3244450317.egress_only_gateway_id": "",
                            "route.3244450317.gateway_id": "",
                            "route.3244450317.instance_id": "",
                            "route.3244450317.ipv6_cidr_block": "",
                            "route.3244450317.nat_gateway_id": "nat-03fe1a194ad099a9f",
                            "route.3244450317.network_interface_id": "",
                            "route.3244450317.vpc_peering_connection_id": "",
                            "tags.%": "5",
                            "tags.Name": "uat-natdc-routetable",
                            "tags.account_name": "jive-ps-prod",
                            "tags.pipeline_phase": "uat",
                            "tags.region": "us-east-1",
                            "tags.sla": "prod",
                            "vpc_id": "vpc-075f387e"
                        },
                        "meta": {},
                        "tainted": false
                    },
                    "deposed": [],
                    "provider": ""
                },
                "aws_route_table.natdc.3": {
                    "type": "aws_route_table",
                    "depends_on": [
                        "aws_nat_gateway.natgw.*",
                        "aws_vpc.main",
                        "aws_vpn_gateway.vgw"
                    ],
                    "primary": {
                        "id": "rtb-11c2f669",
                        "attributes": {
                            "id": "rtb-11c2f669",
                            "propagating_vgws.#": "1",
                            "propagating_vgws.4205875124": "vgw-47816a2e",
                            "route.#": "1",
                            "route.3419683479.cidr_block": "0.0.0.0/0",
                            "route.3419683479.egress_only_gateway_id": "",
                            "route.3419683479.gateway_id": "",
                            "route.3419683479.instance_id": "",
                            "route.3419683479.ipv6_cidr_block": "",
                            "route.3419683479.nat_gateway_id": "nat-0c084fd59e74cdeeb",
                            "route.3419683479.network_interface_id": "",
                            "route.3419683479.vpc_peering_connection_id": "",
                            "tags.%": "5",
                            "tags.Name": "uat-natdc-routetable",
                            "tags.account_name": "jive-ps-prod",
                            "tags.pipeline_phase": "uat",
                            "tags.region": "us-east-1",
                            "tags.sla": "prod",
                            "vpc_id": "vpc-075f387e"
                        },
                        "meta": {},
                        "tainted": false
                    },
                    "deposed": [],
                    "provider": ""
                },
                "aws_route_table.natdc.4": {
                    "type": "aws_route_table",
                    "depends_on": [
                        "aws_nat_gateway.natgw.*",
                        "aws_vpc.main",
                        "aws_vpn_gateway.vgw"
                    ],
                    "primary": {
                        "id": "rtb-b3ccf8cb",
                        "attributes": {
                            "id": "rtb-b3ccf8cb",
                            "propagating_vgws.#": "1",
                            "propagating_vgws.4205875124": "vgw-47816a2e",
                            "route.#": "1",
                            "route.3753418707.cidr_block": "0.0.0.0/0",
                            "route.3753418707.egress_only_gateway_id": "",
                            "route.3753418707.gateway_id": "",
                            "route.3753418707.instance_id": "",
                            "route.3753418707.ipv6_cidr_block": "",
                            "route.3753418707.nat_gateway_id": "nat-08d31d5ec038b8bb9",
                            "route.3753418707.network_interface_id": "",
                            "route.3753418707.vpc_peering_connection_id": "",
                            "tags.%": "5",
                            "tags.Name": "uat-natdc-routetable",
                            "tags.account_name": "jive-ps-prod",
                            "tags.pipeline_phase": "uat",
                            "tags.region": "us-east-1",
                            "tags.sla": "prod",
                            "vpc_id": "vpc-075f387e"
                        },
                        "meta": {},
                        "tainted": false
                    },
                    "deposed": [],
                    "provider": ""
                },
                "aws_route_table.private": {
                    "type": "aws_route_table",
                    "depends_on": [
                        "aws_vpc.main"
                    ],
                    "primary": {
                        "id": "rtb-c1cefab9",
                        "attributes": {
                            "id": "rtb-c1cefab9",
                            "propagating_vgws.#": "0",
                            "route.#": "0",
                            "tags.%": "5",
                            "tags.Name": "uat-private-routetable",
                            "tags.account_name": "jive-ps-prod",
                            "tags.pipeline_phase": "uat",
                            "tags.region": "us-east-1",
                            "tags.sla": "prod",
                            "vpc_id": "vpc-075f387e"
                        },
                        "meta": {},
                        "tainted": false
                    },
                    "deposed": [],
                    "provider": ""
                },
                "aws_route_table.public": {
                    "type": "aws_route_table",
                    "depends_on": [
                        "aws_internet_gateway.igw",
                        "aws_vpc.main"
                    ],
                    "primary": {
                        "id": "rtb-0dc0f475",
                        "attributes": {
                            "id": "rtb-0dc0f475",
                            "propagating_vgws.#": "0",
                            "route.#": "1",
                            "route.3875145564.cidr_block": "0.0.0.0/0",
                            "route.3875145564.egress_only_gateway_id": "",
                            "route.3875145564.gateway_id": "igw-5a44113c",
                            "route.3875145564.instance_id": "",
                            "route.3875145564.ipv6_cidr_block": "",
                            "route.3875145564.nat_gateway_id": "",
                            "route.3875145564.network_interface_id": "",
                            "route.3875145564.vpc_peering_connection_id": "",
                            "tags.%": "6",
                            "tags.KubernetesCluster": "us-east-1_jive-ps-prod",
                            "tags.Name": "uat-public-routetable",
                            "tags.account_name": "jive-ps-prod",
                            "tags.pipeline_phase": "uat",
                            "tags.region": "us-east-1",
                            "tags.sla": "prod",
                            "vpc_id": "vpc-075f387e"
                        },
                        "meta": {},
                        "tainted": false
                    },
                    "deposed": [],
                    "provider": ""
                },
                "aws_route_table_association.natdc.0": {
                    "type": "aws_route_table_association",
                    "depends_on": [
                        "aws_route_table.natdc.*",
                        "aws_subnet.natdc.*"
                    ],
                    "primary": {
                        "id": "rtbassoc-5683632c",
                        "attributes": {
                            "id": "rtbassoc-5683632c",
                            "route_table_id": "rtb-59cafe21",
                            "subnet_id": "subnet-74a43858"
                        },
                        "meta": {},
                        "tainted": false
                    },
                    "deposed": [],
                    "provider": ""
                },
                "aws_route_table_association.natdc.1": {
                    "type": "aws_route_table_association",
                    "depends_on": [
                        "aws_route_table.natdc.*",
                        "aws_subnet.natdc.*"
                    ],
                    "primary": {
                        "id": "rtbassoc-ea836390",
                        "attributes": {
                            "id": "rtbassoc-ea836390",
                            "route_table_id": "rtb-9dcdf9e5",
                            "subnet_id": "subnet-5a84d312"
                        },
                        "meta": {},
                        "tainted": false
                    },
                    "deposed": [],
                    "provider": ""
                },
                "aws_route_table_association.natdc.2": {
                    "type": "aws_route_table_association",
                    "depends_on": [
                        "aws_route_table.natdc.*",
                        "aws_subnet.natdc.*"
                    ],
                    "primary": {
                        "id": "rtbassoc-c98969b3",
                        "attributes": {
                            "id": "rtbassoc-c98969b3",
                            "route_table_id": "rtb-e2c1f59a",
                            "subnet_id": "subnet-dd72e687"
                        },
                        "meta": {},
                        "tainted": false
                    },
                    "deposed": [],
                    "provider": ""
                },
                "aws_route_table_association.natdc.3": {
                    "type": "aws_route_table_association",
                    "depends_on": [
                        "aws_route_table.natdc.*",
                        "aws_subnet.natdc.*"
                    ],
                    "primary": {
                        "id": "rtbassoc-df8666a5",
                        "attributes": {
                            "id": "rtbassoc-df8666a5",
                            "route_table_id": "rtb-11c2f669",
                            "subnet_id": "subnet-00cac73c"
                        },
                        "meta": {},
                        "tainted": false
                    },
                    "deposed": [],
                    "provider": ""
                },
                "aws_route_table_association.natdc.4": {
                    "type": "aws_route_table_association",
                    "depends_on": [
                        "aws_route_table.natdc.*",
                        "aws_subnet.natdc.*"
                    ],
                    "primary": {
                        "id": "rtbassoc-ba8767c0",
                        "attributes": {
                            "id": "rtbassoc-ba8767c0",
                            "route_table_id": "rtb-b3ccf8cb",
                            "subnet_id": "subnet-a946a5cd"
                        },
                        "meta": {},
                        "tainted": false
                    },
                    "deposed": [],
                    "provider": ""
                },
                "aws_route_table_association.private.0": {
                    "type": "aws_route_table_association",
                    "depends_on": [
                        "aws_route_table.private",
                        "aws_subnet.private.*"
                    ],
                    "primary": {
                        "id": "rtbassoc-fd8d6d87",
                        "attributes": {
                            "id": "rtbassoc-fd8d6d87",
                            "route_table_id": "rtb-c1cefab9",
                            "subnet_id": "subnet-ea45a68e"
                        },
                        "meta": {},
                        "tainted": false
                    },
                    "deposed": [],
                    "provider": ""
                },
                "aws_route_table_association.private.1": {
                    "type": "aws_route_table_association",
                    "depends_on": [
                        "aws_route_table.private",
                        "aws_subnet.private.*"
                    ],
                    "primary": {
                        "id": "rtbassoc-498d6d33",
                        "attributes": {
                            "id": "rtbassoc-498d6d33",
                            "route_table_id": "rtb-c1cefab9",
                            "subnet_id": "subnet-8dae32a1"
                        },
                        "meta": {},
                        "tainted": false
                    },
                    "deposed": [],
                    "provider": ""
                },
                "aws_route_table_association.private.2": {
                    "type": "aws_route_table_association",
                    "depends_on": [
                        "aws_route_table.private",
                        "aws_subnet.private.*"
                    ],
                    "primary": {
                        "id": "rtbassoc-4e8d6d34",
                        "attributes": {
                            "id": "rtbassoc-4e8d6d34",
                            "route_table_id": "rtb-c1cefab9",
                            "subnet_id": "subnet-4a8dda02"
                        },
                        "meta": {},
                        "tainted": false
                    },
                    "deposed": [],
                    "provider": ""
                },
                "aws_route_table_association.private.3": {
                    "type": "aws_route_table_association",
                    "depends_on": [
                        "aws_route_table.private",
                        "aws_subnet.private.*"
                    ],
                    "primary": {
                        "id": "rtbassoc-d98b6ba3",
                        "attributes": {
                            "id": "rtbassoc-d98b6ba3",
                            "route_table_id": "rtb-c1cefab9",
                            "subnet_id": "subnet-b77de9ed"
                        },
                        "meta": {},
                        "tainted": false
                    },
                    "deposed": [],
                    "provider": ""
                },
                "aws_route_table_association.private.4": {
                    "type": "aws_route_table_association",
                    "depends_on": [
                        "aws_route_table.private",
                        "aws_subnet.private.*"
                    ],
                    "primary": {
                        "id": "rtbassoc-2c8e6e56",
                        "attributes": {
                            "id": "rtbassoc-2c8e6e56",
                            "route_table_id": "rtb-c1cefab9",
                            "subnet_id": "subnet-14c4c928"
                        },
                        "meta": {},
                        "tainted": false
                    },
                    "deposed": [],
                    "provider": ""
                },
                "aws_route_table_association.public.0": {
                    "type": "aws_route_table_association",
                    "depends_on": [
                        "aws_route_table.public",
                        "aws_subnet.public.*"
                    ],
                    "primary": {
                        "id": "rtbassoc-618f6f1b",
                        "attributes": {
                            "id": "rtbassoc-618f6f1b",
                            "route_table_id": "rtb-0dc0f475",
                            "subnet_id": "subnet-d57c9fb1"
                        },
                        "meta": {},
                        "tainted": false
                    },
                    "deposed": [],
                    "provider": ""
                },
                "aws_route_table_association.public.1": {
                    "type": "aws_route_table_association",
                    "depends_on": [
                        "aws_route_table.public",
                        "aws_subnet.public.*"
                    ],
                    "primary": {
                        "id": "rtbassoc-f28d6d88",
                        "attributes": {
                            "id": "rtbassoc-f28d6d88",
                            "route_table_id": "rtb-0dc0f475",
                            "subnet_id": "subnet-b4a93598"
                        },
                        "meta": {},
                        "tainted": false
                    },
                    "deposed": [],
                    "provider": ""
                },
                "aws_route_table_association.public.2": {
                    "type": "aws_route_table_association",
                    "depends_on": [
                        "aws_route_table.public",
                        "aws_subnet.public.*"
                    ],
                    "primary": {
                        "id": "rtbassoc-068f6f7c",
                        "attributes": {
                            "id": "rtbassoc-068f6f7c",
                            "route_table_id": "rtb-0dc0f475",
                            "subnet_id": "subnet-7283d43a"
                        },
                        "meta": {},
                        "tainted": false
                    },
                    "deposed": [],
                    "provider": ""
                },
                "aws_route_table_association.public.3": {
                    "type": "aws_route_table_association",
                    "depends_on": [
                        "aws_route_table.public",
                        "aws_subnet.public.*"
                    ],
                    "primary": {
                        "id": "rtbassoc-78876702",
                        "attributes": {
                            "id": "rtbassoc-78876702",
                            "route_table_id": "rtb-0dc0f475",
                            "subnet_id": "subnet-0f71e555"
                        },
                        "meta": {},
                        "tainted": false
                    },
                    "deposed": [],
                    "provider": ""
                },
                "aws_route_table_association.public.4": {
                    "type": "aws_route_table_association",
                    "depends_on": [
                        "aws_route_table.public",
                        "aws_subnet.public.*"
                    ],
                    "primary": {
                        "id": "rtbassoc-908d6dea",
                        "attributes": {
                            "id": "rtbassoc-908d6dea",
                            "route_table_id": "rtb-0dc0f475",
                            "subnet_id": "subnet-2bcbc617"
                        },
                        "meta": {},
                        "tainted": false
                    },
                    "deposed": [],
                    "provider": ""
                },
                "aws_security_group.admin_instance": {
                    "type": "aws_security_group",
                    "depends_on": [
                        "aws_vpc.main"
                    ],
                    "primary": {
                        "id": "sg-71306f00",
                        "attributes": {
                            "description": "Admin instances for the VPC",
                            "egress.#": "0",
                            "id": "sg-71306f00",
                            "ingress.#": "0",
                            "name": "uat-admin-instance",
                            "owner_id": "874979382819",
                            "tags.%": "5",
                            "tags.Name": "uat-admin-instance",
                            "tags.account_name": "jive-ps-prod",
                            "tags.pipeline_phase": "uat",
                            "tags.region": "us-east-1",
                            "tags.sla": "prod",
                            "vpc_id": "vpc-075f387e"
                        },
                        "meta": {},
                        "tainted": false
                    },
                    "deposed": [],
                    "provider": ""
                },
                "aws_security_group.env_instance": {
                    "type": "aws_security_group",
                    "depends_on": [
                        "aws_vpc.main",
                        "data.aws_security_group.bastion"
                    ],
                    "primary": {
                        "id": "sg-06237c77",
                        "attributes": {
                            "description": "All instances within the evironment",
                            "egress.#": "1",
                            "egress.482069346.cidr_blocks.#": "1",
                            "egress.482069346.cidr_blocks.0": "0.0.0.0/0",
                            "egress.482069346.from_port": "0",
                            "egress.482069346.ipv6_cidr_blocks.#": "0",
                            "egress.482069346.prefix_list_ids.#": "0",
                            "egress.482069346.protocol": "-1",
                            "egress.482069346.security_groups.#": "0",
                            "egress.482069346.self": "false",
                            "egress.482069346.to_port": "0",
                            "id": "sg-06237c77",
                            "ingress.#": "3",
                            "ingress.1536069209.cidr_blocks.#": "0",
                            "ingress.1536069209.from_port": "8",
                            "ingress.1536069209.ipv6_cidr_blocks.#": "0",
                            "ingress.1536069209.protocol": "icmp",
                            "ingress.1536069209.security_groups.#": "1",
                            "ingress.1536069209.security_groups.3453383614": "sg-abe4b2da",
                            "ingress.1536069209.self": "false",
                            "ingress.1536069209.to_port": "0",
                            "ingress.3280021429.cidr_blocks.#": "1",
                            "ingress.3280021429.cidr_blocks.0": "10.0.0.0/8",
                            "ingress.3280021429.from_port": "8",
                            "ingress.3280021429.ipv6_cidr_blocks.#": "0",
                            "ingress.3280021429.protocol": "icmp",
                            "ingress.3280021429.security_groups.#": "0",
                            "ingress.3280021429.self": "false",
                            "ingress.3280021429.to_port": "0",
                            "ingress.3875164666.cidr_blocks.#": "0",
                            "ingress.3875164666.from_port": "22",
                            "ingress.3875164666.ipv6_cidr_blocks.#": "0",
                            "ingress.3875164666.protocol": "tcp",
                            "ingress.3875164666.security_groups.#": "1",
                            "ingress.3875164666.security_groups.3453383614": "sg-abe4b2da",
                            "ingress.3875164666.self": "false",
                            "ingress.3875164666.to_port": "22",
                            "name": "uat-instance",
                            "owner_id": "874979382819",
                            "tags.%": "5",
                            "tags.Name": "uat-instance",
                            "tags.account_name": "jive-ps-prod",
                            "tags.pipeline_phase": "uat",
                            "tags.region": "us-east-1",
                            "tags.sla": "prod",
                            "vpc_id": "vpc-075f387e"
                        },
                        "meta": {},
                        "tainted": false
                    },
                    "deposed": [],
                    "provider": ""
                },
                "aws_security_group.natgw_instance": {
                    "type": "aws_security_group",
                    "depends_on": [
                        "aws_security_group.env_instance",
                        "aws_vpc.main"
                    ],
                    "primary": {
                        "id": "sg-c0247bb1",
                        "attributes": {
                            "description": "Members of this SG are allowed to send any type of traffic to the NAT Box.",
                            "egress.#": "0",
                            "id": "sg-c0247bb1",
                            "ingress.#": "1",
                            "ingress.3955943155.cidr_blocks.#": "0",
                            "ingress.3955943155.from_port": "0",
                            "ingress.3955943155.ipv6_cidr_blocks.#": "0",
                            "ingress.3955943155.protocol": "-1",
                            "ingress.3955943155.security_groups.#": "1",
                            "ingress.3955943155.security_groups.2723735644": "sg-06237c77",
                            "ingress.3955943155.self": "false",
                            "ingress.3955943155.to_port": "0",
                            "name": "uat-natgw-instance",
                            "owner_id": "874979382819",
                            "tags.%": "5",
                            "tags.Name": "uat-natgw-instance",
                            "tags.account_name": "jive-ps-prod",
                            "tags.pipeline_phase": "uat",
                            "tags.region": "us-east-1",
                            "tags.sla": "prod",
                            "vpc_id": "vpc-075f387e"
                        },
                        "meta": {},
                        "tainted": false
                    },
                    "deposed": [],
                    "provider": ""
                },
                "aws_subnet.natdc.0": {
                    "type": "aws_subnet",
                    "depends_on": [
                        "aws_vpc.main"
                    ],
                    "primary": {
                        "id": "subnet-a946a5cd",
                        "attributes": {
                            "assign_ipv6_address_on_creation": "false",
                            "availability_zone": "us-east-1a",
                            "cidr_block": "10.124.128.0/23",
                            "id": "subnet-a946a5cd",
                            "map_public_ip_on_launch": "false",
                            "tags.%": "5",
                            "tags.Name": "uat-natdc-subnet",
                            "tags.account_name": "jive-ps-prod",
                            "tags.pipeline_phase": "uat",
                            "tags.region": "us-east-1",
                            "tags.sla": "prod",
                            "vpc_id": "vpc-075f387e"
                        },
                        "meta": {
                            "schema_version": "1"
                        },
                        "tainted": false
                    },
                    "deposed": [],
                    "provider": ""
                },
                "aws_subnet.natdc.1": {
                    "type": "aws_subnet",
                    "depends_on": [
                        "aws_vpc.main"
                    ],
                    "primary": {
                        "id": "subnet-74a43858",
                        "attributes": {
                            "assign_ipv6_address_on_creation": "false",
                            "availability_zone": "us-east-1b",
                            "cidr_block": "10.124.130.0/23",
                            "id": "subnet-74a43858",
                            "map_public_ip_on_launch": "false",
                            "tags.%": "5",
                            "tags.Name": "uat-natdc-subnet",
                            "tags.account_name": "jive-ps-prod",
                            "tags.pipeline_phase": "uat",
                            "tags.region": "us-east-1",
                            "tags.sla": "prod",
                            "vpc_id": "vpc-075f387e"
                        },
                        "meta": {
                            "schema_version": "1"
                        },
                        "tainted": false
                    },
                    "deposed": [],
                    "provider": ""
                },
                "aws_subnet.natdc.2": {
                    "type": "aws_subnet",
                    "depends_on": [
                        "aws_vpc.main"
                    ],
                    "primary": {
                        "id": "subnet-5a84d312",
                        "attributes": {
                            "assign_ipv6_address_on_creation": "false",
                            "availability_zone": "us-east-1c",
                            "cidr_block": "10.124.132.0/23",
                            "id": "subnet-5a84d312",
                            "map_public_ip_on_launch": "false",
                            "tags.%": "5",
                            "tags.Name": "uat-natdc-subnet",
                            "tags.account_name": "jive-ps-prod",
                            "tags.pipeline_phase": "uat",
                            "tags.region": "us-east-1",
                            "tags.sla": "prod",
                            "vpc_id": "vpc-075f387e"
                        },
                        "meta": {
                            "schema_version": "1"
                        },
                        "tainted": false
                    },
                    "deposed": [],
                    "provider": ""
                },
                "aws_subnet.natdc.3": {
                    "type": "aws_subnet",
                    "depends_on": [
                        "aws_vpc.main"
                    ],
                    "primary": {
                        "id": "subnet-dd72e687",
                        "attributes": {
                            "assign_ipv6_address_on_creation": "false",
                            "availability_zone": "us-east-1d",
                            "cidr_block": "10.124.134.0/23",
                            "id": "subnet-dd72e687",
                            "map_public_ip_on_launch": "false",
                            "tags.%": "5",
                            "tags.Name": "uat-natdc-subnet",
                            "tags.account_name": "jive-ps-prod",
                            "tags.pipeline_phase": "uat",
                            "tags.region": "us-east-1",
                            "tags.sla": "prod",
                            "vpc_id": "vpc-075f387e"
                        },
                        "meta": {
                            "schema_version": "1"
                        },
                        "tainted": false
                    },
                    "deposed": [],
                    "provider": ""
                },
                "aws_subnet.natdc.4": {
                    "type": "aws_subnet",
                    "depends_on": [
                        "aws_vpc.main"
                    ],
                    "primary": {
                        "id": "subnet-00cac73c",
                        "attributes": {
                            "assign_ipv6_address_on_creation": "false",
                            "availability_zone": "us-east-1e",
                            "cidr_block": "10.124.136.0/23",
                            "id": "subnet-00cac73c",
                            "map_public_ip_on_launch": "false",
                            "tags.%": "5",
                            "tags.Name": "uat-natdc-subnet",
                            "tags.account_name": "jive-ps-prod",
                            "tags.pipeline_phase": "uat",
                            "tags.region": "us-east-1",
                            "tags.sla": "prod",
                            "vpc_id": "vpc-075f387e"
                        },
                        "meta": {
                            "schema_version": "1"
                        },
                        "tainted": false
                    },
                    "deposed": [],
                    "provider": ""
                },
                "aws_subnet.private.0": {
                    "type": "aws_subnet",
                    "depends_on": [
                        "aws_vpc.main"
                    ],
                    "primary": {
                        "id": "subnet-ea45a68e",
                        "attributes": {
                            "assign_ipv6_address_on_creation": "false",
                            "availability_zone": "us-east-1a",
                            "cidr_block": "10.124.140.128/25",
                            "id": "subnet-ea45a68e",
                            "map_public_ip_on_launch": "false",
                            "tags.%": "5",
                            "tags.Name": "uat-private-subnet",
                            "tags.account_name": "jive-ps-prod",
                            "tags.pipeline_phase": "uat",
                            "tags.region": "us-east-1",
                            "tags.sla": "prod",
                            "vpc_id": "vpc-075f387e"
                        },
                        "meta": {
                            "schema_version": "1"
                        },
                        "tainted": false
                    },
                    "deposed": [],
                    "provider": ""
                },
                "aws_subnet.private.1": {
                    "type": "aws_subnet",
                    "depends_on": [
                        "aws_vpc.main"
                    ],
                    "primary": {
                        "id": "subnet-8dae32a1",
                        "attributes": {
                            "assign_ipv6_address_on_creation": "false",
                            "availability_zone": "us-east-1b",
                            "cidr_block": "10.124.141.0/25",
                            "id": "subnet-8dae32a1",
                            "map_public_ip_on_launch": "false",
                            "tags.%": "5",
                            "tags.Name": "uat-private-subnet",
                            "tags.account_name": "jive-ps-prod",
                            "tags.pipeline_phase": "uat",
                            "tags.region": "us-east-1",
                            "tags.sla": "prod",
                            "vpc_id": "vpc-075f387e"
                        },
                        "meta": {
                            "schema_version": "1"
                        },
                        "tainted": false
                    },
                    "deposed": [],
                    "provider": ""
                },
                "aws_subnet.private.2": {
                    "type": "aws_subnet",
                    "depends_on": [
                        "aws_vpc.main"
                    ],
                    "primary": {
                        "id": "subnet-4a8dda02",
                        "attributes": {
                            "assign_ipv6_address_on_creation": "false",
                            "availability_zone": "us-east-1c",
                            "cidr_block": "10.124.141.128/25",
                            "id": "subnet-4a8dda02",
                            "map_public_ip_on_launch": "false",
                            "tags.%": "5",
                            "tags.Name": "uat-private-subnet",
                            "tags.account_name": "jive-ps-prod",
                            "tags.pipeline_phase": "uat",
                            "tags.region": "us-east-1",
                            "tags.sla": "prod",
                            "vpc_id": "vpc-075f387e"
                        },
                        "meta": {
                            "schema_version": "1"
                        },
                        "tainted": false
                    },
                    "deposed": [],
                    "provider": ""
                },
                "aws_subnet.private.3": {
                    "type": "aws_subnet",
                    "depends_on": [
                        "aws_vpc.main"
                    ],
                    "primary": {
                        "id": "subnet-b77de9ed",
                        "attributes": {
                            "assign_ipv6_address_on_creation": "false",
                            "availability_zone": "us-east-1d",
                            "cidr_block": "10.124.142.0/25",
                            "id": "subnet-b77de9ed",
                            "map_public_ip_on_launch": "false",
                            "tags.%": "5",
                            "tags.Name": "uat-private-subnet",
                            "tags.account_name": "jive-ps-prod",
                            "tags.pipeline_phase": "uat",
                            "tags.region": "us-east-1",
                            "tags.sla": "prod",
                            "vpc_id": "vpc-075f387e"
                        },
                        "meta": {
                            "schema_version": "1"
                        },
                        "tainted": false
                    },
                    "deposed": [],
                    "provider": ""
                },
                "aws_subnet.private.4": {
                    "type": "aws_subnet",
                    "depends_on": [
                        "aws_vpc.main"
                    ],
                    "primary": {
                        "id": "subnet-14c4c928",
                        "attributes": {
                            "assign_ipv6_address_on_creation": "false",
                            "availability_zone": "us-east-1e",
                            "cidr_block": "10.124.142.128/25",
                            "id": "subnet-14c4c928",
                            "map_public_ip_on_launch": "false",
                            "tags.%": "5",
                            "tags.Name": "uat-private-subnet",
                            "tags.account_name": "jive-ps-prod",
                            "tags.pipeline_phase": "uat",
                            "tags.region": "us-east-1",
                            "tags.sla": "prod",
                            "vpc_id": "vpc-075f387e"
                        },
                        "meta": {
                            "schema_version": "1"
                        },
                        "tainted": false
                    },
                    "deposed": [],
                    "provider": ""
                },
                "aws_subnet.public.0": {
                    "type": "aws_subnet",
                    "depends_on": [
                        "aws_vpc.main"
                    ],
                    "primary": {
                        "id": "subnet-d57c9fb1",
                        "attributes": {
                            "assign_ipv6_address_on_creation": "false",
                            "availability_zone": "us-east-1a",
                            "cidr_block": "10.124.138.0/25",
                            "id": "subnet-d57c9fb1",
                            "map_public_ip_on_launch": "false",
                            "tags.%": "6",
                            "tags.KubernetesCluster": "us-east-1_jive-ps-prod",
                            "tags.Name": "uat-public-subnet",
                            "tags.account_name": "jive-ps-prod",
                            "tags.pipeline_phase": "uat",
                            "tags.region": "us-east-1",
                            "tags.sla": "prod",
                            "vpc_id": "vpc-075f387e"
                        },
                        "meta": {
                            "schema_version": "1"
                        },
                        "tainted": false
                    },
                    "deposed": [],
                    "provider": ""
                },
                "aws_subnet.public.1": {
                    "type": "aws_subnet",
                    "depends_on": [
                        "aws_vpc.main"
                    ],
                    "primary": {
                        "id": "subnet-b4a93598",
                        "attributes": {
                            "assign_ipv6_address_on_creation": "false",
                            "availability_zone": "us-east-1b",
                            "cidr_block": "10.124.138.128/25",
                            "id": "subnet-b4a93598",
                            "map_public_ip_on_launch": "false",
                            "tags.%": "6",
                            "tags.KubernetesCluster": "us-east-1_jive-ps-prod",
                            "tags.Name": "uat-public-subnet",
                            "tags.account_name": "jive-ps-prod",
                            "tags.pipeline_phase": "uat",
                            "tags.region": "us-east-1",
                            "tags.sla": "prod",
                            "vpc_id": "vpc-075f387e"
                        },
                        "meta": {
                            "schema_version": "1"
                        },
                        "tainted": false
                    },
                    "deposed": [],
                    "provider": ""
                },
                "aws_subnet.public.2": {
                    "type": "aws_subnet",
                    "depends_on": [
                        "aws_vpc.main"
                    ],
                    "primary": {
                        "id": "subnet-7283d43a",
                        "attributes": {
                            "assign_ipv6_address_on_creation": "false",
                            "availability_zone": "us-east-1c",
                            "cidr_block": "10.124.139.0/25",
                            "id": "subnet-7283d43a",
                            "map_public_ip_on_launch": "false",
                            "tags.%": "6",
                            "tags.KubernetesCluster": "us-east-1_jive-ps-prod",
                            "tags.Name": "uat-public-subnet",
                            "tags.account_name": "jive-ps-prod",
                            "tags.pipeline_phase": "uat",
                            "tags.region": "us-east-1",
                            "tags.sla": "prod",
                            "vpc_id": "vpc-075f387e"
                        },
                        "meta": {
                            "schema_version": "1"
                        },
                        "tainted": false
                    },
                    "deposed": [],
                    "provider": ""
                },
                "aws_subnet.public.3": {
                    "type": "aws_subnet",
                    "depends_on": [
                        "aws_vpc.main"
                    ],
                    "primary": {
                        "id": "subnet-0f71e555",
                        "attributes": {
                            "assign_ipv6_address_on_creation": "false",
                            "availability_zone": "us-east-1d",
                            "cidr_block": "10.124.139.128/25",
                            "id": "subnet-0f71e555",
                            "map_public_ip_on_launch": "false",
                            "tags.%": "6",
                            "tags.KubernetesCluster": "us-east-1_jive-ps-prod",
                            "tags.Name": "uat-public-subnet",
                            "tags.account_name": "jive-ps-prod",
                            "tags.pipeline_phase": "uat",
                            "tags.region": "us-east-1",
                            "tags.sla": "prod",
                            "vpc_id": "vpc-075f387e"
                        },
                        "meta": {
                            "schema_version": "1"
                        },
                        "tainted": false
                    },
                    "deposed": [],
                    "provider": ""
                },
                "aws_subnet.public.4": {
                    "type": "aws_subnet",
                    "depends_on": [
                        "aws_vpc.main"
                    ],
                    "primary": {
                        "id": "subnet-2bcbc617",
                        "attributes": {
                            "assign_ipv6_address_on_creation": "false",
                            "availability_zone": "us-east-1e",
                            "cidr_block": "10.124.140.0/25",
                            "id": "subnet-2bcbc617",
                            "map_public_ip_on_launch": "false",
                            "tags.%": "6",
                            "tags.KubernetesCluster": "us-east-1_jive-ps-prod",
                            "tags.Name": "uat-public-subnet",
                            "tags.account_name": "jive-ps-prod",
                            "tags.pipeline_phase": "uat",
                            "tags.region": "us-east-1",
                            "tags.sla": "prod",
                            "vpc_id": "vpc-075f387e"
                        },
                        "meta": {
                            "schema_version": "1"
                        },
                        "tainted": false
                    },
                    "deposed": [],
                    "provider": ""
                },
                "aws_vpc.main": {
                    "type": "aws_vpc",
                    "depends_on": [],
                    "primary": {
                        "id": "vpc-075f387e",
                        "attributes": {
                            "assign_generated_ipv6_cidr_block": "false",
                            "cidr_block": "10.124.128.0/20",
                            "default_network_acl_id": "acl-a49d94dd",
                            "default_route_table_id": "rtb-24c7f35c",
                            "default_security_group_id": "sg-04237c75",
                            "dhcp_options_id": "dopt-fac6339e",
                            "enable_classiclink": "false",
                            "enable_dns_hostnames": "true",
                            "enable_dns_support": "true",
                            "id": "vpc-075f387e",
                            "instance_tenancy": "default",
                            "main_route_table_id": "rtb-24c7f35c",
                            "tags.%": "5",
                            "tags.Name": "uat-vpc",
                            "tags.account_name": "jive-ps-prod",
                            "tags.pipeline_phase": "uat",
                            "tags.region": "us-east-1",
                            "tags.sla": "prod"
                        },
                        "meta": {
                            "schema_version": "1"
                        },
                        "tainted": false
                    },
                    "deposed": [],
                    "provider": ""
                },
                "aws_vpc_peering_connection.infra": {
                    "type": "aws_vpc_peering_connection",
                    "depends_on": [
                        "aws_vpc.main"
                    ],
                    "primary": {
                        "id": "pcx-7c7d0e15",
                        "attributes": {
                            "accept_status": "active",
                            "accepter.#": "1",
                            "accepter.3244290774.allow_classic_link_to_remote_vpc": "false",
                            "accepter.3244290774.allow_remote_vpc_dns_resolution": "false",
                            "accepter.3244290774.allow_vpc_to_remote_classic_link": "false",
                            "auto_accept": "true",
                            "id": "pcx-7c7d0e15",
                            "peer_owner_id": "874979382819",
                            "peer_vpc_id": "vpc-af4623d6",
                            "requester.#": "1",
                            "requester.3244290774.allow_classic_link_to_remote_vpc": "false",
                            "requester.3244290774.allow_remote_vpc_dns_resolution": "false",
                            "requester.3244290774.allow_vpc_to_remote_classic_link": "false",
                            "tags.%": "5",
                            "tags.Name": "uat_to_infra-jive-ps-prod",
                            "tags.account_name": "jive-ps-prod",
                            "tags.pipeline_phase": "uat",
                            "tags.region": "us-east-1",
                            "tags.sla": "prod",
                            "vpc_id": "vpc-075f387e"
                        },
                        "meta": {},
                        "tainted": false
                    },
                    "deposed": [],
                    "provider": ""
                },
                "aws_vpn_gateway.vgw": {
                    "type": "aws_vpn_gateway",
                    "depends_on": [
                        "aws_vpc.main"
                    ],
                    "primary": {
                        "id": "vgw-47816a2e",
                        "attributes": {
                            "id": "vgw-47816a2e",
                            "tags.%": "7",
                            "tags.Name": "uat-vgw",
                            "tags.account_name": "jive-ps-prod",
                            "tags.jive_service": "infrastructure",
                            "tags.pipeline_phase": "uat",
                            "tags.region": "us-east-1",
                            "tags.service_component": "vpn_gateway",
                            "tags.sla": "prod",
                            "vpc_id": "vpc-075f387e"
                        },
                        "meta": {},
                        "tainted": false
                    },
                    "deposed": [],
                    "provider": ""
                },
                "data.aws_security_group.bastion": {
                    "type": "aws_security_group",
                    "depends_on": [],
                    "primary": {
                        "id": "sg-abe4b2da",
                        "attributes": {
                            "filter.#": "1",
                            "filter.1988431066.name": "tag:jive_service",
                            "filter.1988431066.values.#": "1",
                            "filter.1988431066.values.2480389212": "infrastructure",
                            "id": "sg-abe4b2da",
                            "name": "infra-prod-jive-phx-dc",
                            "tags.%": "6",
                            "tags.Name": "infra-prod-jive-phx-dc",
                            "tags.account_name": "jive-ps-prod",
                            "tags.jive_service": "infrastructure",
                            "tags.pipeline_phase": "infra-prod",
                            "tags.region": "us-east-1",
                            "tags.sla": "prod",
                            "vpc_id": "vpc-af4623d6"
                        },
                        "meta": {},
                        "tainted": false
                    },
                    "deposed": [],
                    "provider": ""
                }
            },
            "depends_on": []
        }
    ]
}
