{
    "version": 3,
    "terraform_version": "0.9.4",
    "serial": 8,
    "lineage": "db5940f2-33a2-41cc-a8c8-f92fa75d7bac",
    "modules": [
        {
            "path": [
                "root"
            ],
            "outputs": {},
            "resources": {
                "aws_eip.natgw.0": {
                    "type": "aws_eip",
                    "depends_on": [],
                    "primary": {
                        "id": "eipalloc-dbf8e4eb",
                        "attributes": {
                            "association_id": "eipassoc-4cbc947e",
                            "domain": "vpc",
                            "id": "eipalloc-dbf8e4eb",
                            "instance": "",
                            "network_interface": "eni-c81ca267",
                            "private_ip": "10.123.122.31",
                            "public_ip": "34.195.99.51",
                            "vpc": "true"
                        },
                        "meta": {},
                        "tainted": false
                    },
                    "deposed": [],
                    "provider": ""
                },
                "aws_eip.natgw.1": {
                    "type": "aws_eip",
                    "depends_on": [],
                    "primary": {
                        "id": "eipalloc-61f9e551",
                        "attributes": {
                            "association_id": "eipassoc-00bd9532",
                            "domain": "vpc",
                            "id": "eipalloc-61f9e551",
                            "instance": "",
                            "network_interface": "eni-880e2c5b",
                            "private_ip": "10.123.122.235",
                            "public_ip": "52.45.194.52",
                            "vpc": "true"
                        },
                        "meta": {},
                        "tainted": false
                    },
                    "deposed": [],
                    "provider": ""
                },
                "aws_eip.natgw.2": {
                    "type": "aws_eip",
                    "depends_on": [],
                    "primary": {
                        "id": "eipalloc-97f9e5a7",
                        "attributes": {
                            "association_id": "eipassoc-49b9917b",
                            "domain": "vpc",
                            "id": "eipalloc-97f9e5a7",
                            "instance": "",
                            "network_interface": "eni-8784ef2e",
                            "private_ip": "10.123.123.17",
                            "public_ip": "34.231.73.70",
                            "vpc": "true"
                        },
                        "meta": {},
                        "tainted": false
                    },
                    "deposed": [],
                    "provider": ""
                },
                "aws_eip.natgw.3": {
                    "type": "aws_eip",
                    "depends_on": [],
                    "primary": {
                        "id": "eipalloc-64ffe354",
                        "attributes": {
                            "association_id": "eipassoc-0fb0983d",
                            "domain": "vpc",
                            "id": "eipalloc-64ffe354",
                            "instance": "",
                            "network_interface": "eni-536fce44",
                            "private_ip": "10.123.123.162",
                            "public_ip": "52.207.60.192",
                            "vpc": "true"
                        },
                        "meta": {},
                        "tainted": false
                    },
                    "deposed": [],
                    "provider": ""
                },
                "aws_eip.natgw.4": {
                    "type": "aws_eip",
                    "depends_on": [],
                    "primary": {
                        "id": "eipalloc-4ef8e47e",
                        "attributes": {
                            "association_id": "eipassoc-6cbb935e",
                            "domain": "vpc",
                            "id": "eipalloc-4ef8e47e",
                            "instance": "",
                            "network_interface": "eni-ae7a67af",
                            "private_ip": "10.123.124.112",
                            "public_ip": "34.194.177.227",
                            "vpc": "true"
                        },
                        "meta": {},
                        "tainted": false
                    },
                    "deposed": [],
                    "provider": ""
                },
                "aws_internet_gateway.igw": {
                    "type": "aws_internet_gateway",
                    "depends_on": [
                        "aws_vpc.main"
                    ],
                    "primary": {
                        "id": "igw-79fbb61f",
                        "attributes": {
                            "id": "igw-79fbb61f",
                            "tags.%": "5",
                            "tags.Name": "prod-igw",
                            "tags.account_name": "jive-data-prod",
                            "tags.pipeline_phase": "prod",
                            "tags.region": "us-east-1",
                            "tags.sla": "prod",
                            "vpc_id": "vpc-4da13e34"
                        },
                        "meta": {},
                        "tainted": false
                    },
                    "deposed": [],
                    "provider": ""
                },
                "aws_nat_gateway.natgw.0": {
                    "type": "aws_nat_gateway",
                    "depends_on": [
                        "aws_eip.natgw.*",
                        "aws_internet_gateway.igw",
                        "aws_subnet.public.*"
                    ],
                    "primary": {
                        "id": "nat-01050fbf4e7389bea",
                        "attributes": {
                            "allocation_id": "eipalloc-dbf8e4eb",
                            "id": "nat-01050fbf4e7389bea",
                            "network_interface_id": "eni-c81ca267",
                            "private_ip": "10.123.122.31",
                            "public_ip": "34.195.99.51",
                            "subnet_id": "subnet-ebe375c7"
                        },
                        "meta": {},
                        "tainted": false
                    },
                    "deposed": [],
                    "provider": ""
                },
                "aws_nat_gateway.natgw.1": {
                    "type": "aws_nat_gateway",
                    "depends_on": [
                        "aws_eip.natgw.*",
                        "aws_internet_gateway.igw",
                        "aws_subnet.public.*"
                    ],
                    "primary": {
                        "id": "nat-08eb1adf085ead0f8",
                        "attributes": {
                            "allocation_id": "eipalloc-61f9e551",
                            "id": "nat-08eb1adf085ead0f8",
                            "network_interface_id": "eni-880e2c5b",
                            "private_ip": "10.123.122.235",
                            "public_ip": "52.45.194.52",
                            "subnet_id": "subnet-40d69808"
                        },
                        "meta": {},
                        "tainted": false
                    },
                    "deposed": [],
                    "provider": ""
                },
                "aws_nat_gateway.natgw.2": {
                    "type": "aws_nat_gateway",
                    "depends_on": [
                        "aws_eip.natgw.*",
                        "aws_internet_gateway.igw",
                        "aws_subnet.public.*"
                    ],
                    "primary": {
                        "id": "nat-044bc5f1507b88861",
                        "attributes": {
                            "allocation_id": "eipalloc-97f9e5a7",
                            "id": "nat-044bc5f1507b88861",
                            "network_interface_id": "eni-8784ef2e",
                            "private_ip": "10.123.123.17",
                            "public_ip": "34.231.73.70",
                            "subnet_id": "subnet-41ad231b"
                        },
                        "meta": {},
                        "tainted": false
                    },
                    "deposed": [],
                    "provider": ""
                },
                "aws_nat_gateway.natgw.3": {
                    "type": "aws_nat_gateway",
                    "depends_on": [
                        "aws_eip.natgw.*",
                        "aws_internet_gateway.igw",
                        "aws_subnet.public.*"
                    ],
                    "primary": {
                        "id": "nat-09f6cfc7852f053ca",
                        "attributes": {
                            "allocation_id": "eipalloc-64ffe354",
                            "id": "nat-09f6cfc7852f053ca",
                            "network_interface_id": "eni-536fce44",
                            "private_ip": "10.123.123.162",
                            "public_ip": "52.207.60.192",
                            "subnet_id": "subnet-732fc817"
                        },
                        "meta": {},
                        "tainted": false
                    },
                    "deposed": [],
                    "provider": ""
                },
                "aws_nat_gateway.natgw.4": {
                    "type": "aws_nat_gateway",
                    "depends_on": [
                        "aws_eip.natgw.*",
                        "aws_internet_gateway.igw",
                        "aws_subnet.public.*"
                    ],
                    "primary": {
                        "id": "nat-05c711ef6cedaa103",
                        "attributes": {
                            "allocation_id": "eipalloc-4ef8e47e",
                            "id": "nat-05c711ef6cedaa103",
                            "network_interface_id": "eni-ae7a67af",
                            "private_ip": "10.123.124.112",
                            "public_ip": "34.194.177.227",
                            "subnet_id": "subnet-5c1e1f60"
                        },
                        "meta": {},
                        "tainted": false
                    },
                    "deposed": [],
                    "provider": ""
                },
                "aws_route.bastion_natdc.0": {
                    "type": "aws_route",
                    "depends_on": [
                        "aws_route_table.natdc.*",
                        "aws_vpc_peering_connection.infra"
                    ],
                    "primary": {
                        "id": "r-rtb-874469ff4179654593",
                        "attributes": {
                            "destination_cidr_block": "10.127.28.7/32",
                            "destination_prefix_list_id": "",
                            "egress_only_gateway_id": "",
                            "gateway_id": "",
                            "id": "r-rtb-874469ff4179654593",
                            "instance_id": "",
                            "instance_owner_id": "",
                            "nat_gateway_id": "",
                            "network_interface_id": "",
                            "origin": "CreateRoute",
                            "route_table_id": "rtb-874469ff",
                            "state": "active",
                            "vpc_peering_connection_id": "pcx-c87707a1"
                        },
                        "meta": {},
                        "tainted": false
                    },
                    "deposed": [],
                    "provider": ""
                },
                "aws_route.bastion_natdc.1": {
                    "type": "aws_route",
                    "depends_on": [
                        "aws_route_table.natdc.*",
                        "aws_vpc_peering_connection.infra"
                    ],
                    "primary": {
                        "id": "r-rtb-8b466bf34179654593",
                        "attributes": {
                            "destination_cidr_block": "10.127.28.7/32",
                            "destination_prefix_list_id": "",
                            "egress_only_gateway_id": "",
                            "gateway_id": "",
                            "id": "r-rtb-8b466bf34179654593",
                            "instance_id": "",
                            "instance_owner_id": "",
                            "nat_gateway_id": "",
                            "network_interface_id": "",
                            "origin": "CreateRoute",
                            "route_table_id": "rtb-8b466bf3",
                            "state": "active",
                            "vpc_peering_connection_id": "pcx-c87707a1"
                        },
                        "meta": {},
                        "tainted": false
                    },
                    "deposed": [],
                    "provider": ""
                },
                "aws_route.bastion_natdc.2": {
                    "type": "aws_route",
                    "depends_on": [
                        "aws_route_table.natdc.*",
                        "aws_vpc_peering_connection.infra"
                    ],
                    "primary": {
                        "id": "r-rtb-e65e739e4179654593",
                        "attributes": {
                            "destination_cidr_block": "10.127.28.7/32",
                            "destination_prefix_list_id": "",
                            "egress_only_gateway_id": "",
                            "gateway_id": "",
                            "id": "r-rtb-e65e739e4179654593",
                            "instance_id": "",
                            "instance_owner_id": "",
                            "nat_gateway_id": "",
                            "network_interface_id": "",
                            "origin": "CreateRoute",
                            "route_table_id": "rtb-e65e739e",
                            "state": "active",
                            "vpc_peering_connection_id": "pcx-c87707a1"
                        },
                        "meta": {},
                        "tainted": false
                    },
                    "deposed": [],
                    "provider": ""
                },
                "aws_route.bastion_natdc.3": {
                    "type": "aws_route",
                    "depends_on": [
                        "aws_route_table.natdc.*",
                        "aws_vpc_peering_connection.infra"
                    ],
                    "primary": {
                        "id": "r-rtb-a55f72dd4179654593",
                        "attributes": {
                            "destination_cidr_block": "10.127.28.7/32",
                            "destination_prefix_list_id": "",
                            "egress_only_gateway_id": "",
                            "gateway_id": "",
                            "id": "r-rtb-a55f72dd4179654593",
                            "instance_id": "",
                            "instance_owner_id": "",
                            "nat_gateway_id": "",
                            "network_interface_id": "",
                            "origin": "CreateRoute",
                            "route_table_id": "rtb-a55f72dd",
                            "state": "active",
                            "vpc_peering_connection_id": "pcx-c87707a1"
                        },
                        "meta": {},
                        "tainted": false
                    },
                    "deposed": [],
                    "provider": ""
                },
                "aws_route.bastion_natdc.4": {
                    "type": "aws_route",
                    "depends_on": [
                        "aws_route_table.natdc.*",
                        "aws_vpc_peering_connection.infra"
                    ],
                    "primary": {
                        "id": "r-rtb-bf5974c74179654593",
                        "attributes": {
                            "destination_cidr_block": "10.127.28.7/32",
                            "destination_prefix_list_id": "",
                            "egress_only_gateway_id": "",
                            "gateway_id": "",
                            "id": "r-rtb-bf5974c74179654593",
                            "instance_id": "",
                            "instance_owner_id": "",
                            "nat_gateway_id": "",
                            "network_interface_id": "",
                            "origin": "CreateRoute",
                            "route_table_id": "rtb-bf5974c7",
                            "state": "active",
                            "vpc_peering_connection_id": "pcx-c87707a1"
                        },
                        "meta": {},
                        "tainted": false
                    },
                    "deposed": [],
                    "provider": ""
                },
                "aws_route.bastion_private": {
                    "type": "aws_route",
                    "depends_on": [
                        "aws_route_table.private",
                        "aws_vpc_peering_connection.infra"
                    ],
                    "primary": {
                        "id": "r-rtb-18426f604179654593",
                        "attributes": {
                            "destination_cidr_block": "10.127.28.7/32",
                            "destination_prefix_list_id": "",
                            "egress_only_gateway_id": "",
                            "gateway_id": "",
                            "id": "r-rtb-18426f604179654593",
                            "instance_id": "",
                            "instance_owner_id": "",
                            "nat_gateway_id": "",
                            "network_interface_id": "",
                            "origin": "CreateRoute",
                            "route_table_id": "rtb-18426f60",
                            "state": "active",
                            "vpc_peering_connection_id": "pcx-c87707a1"
                        },
                        "meta": {},
                        "tainted": false
                    },
                    "deposed": [],
                    "provider": ""
                },
                "aws_route.bastion_public": {
                    "type": "aws_route",
                    "depends_on": [
                        "aws_route_table.public",
                        "aws_vpc_peering_connection.infra"
                    ],
                    "primary": {
                        "id": "r-rtb-24476a5c4179654593",
                        "attributes": {
                            "destination_cidr_block": "10.127.28.7/32",
                            "destination_prefix_list_id": "",
                            "egress_only_gateway_id": "",
                            "gateway_id": "",
                            "id": "r-rtb-24476a5c4179654593",
                            "instance_id": "",
                            "instance_owner_id": "",
                            "nat_gateway_id": "",
                            "network_interface_id": "",
                            "origin": "CreateRoute",
                            "route_table_id": "rtb-24476a5c",
                            "state": "active",
                            "vpc_peering_connection_id": "pcx-c87707a1"
                        },
                        "meta": {},
                        "tainted": false
                    },
                    "deposed": [],
                    "provider": ""
                },
                "aws_route.infra_natdc.0": {
                    "type": "aws_route",
                    "depends_on": [
                        "aws_vpc_peering_connection.infra"
                    ],
                    "primary": {
                        "id": "r-rtb-8e4f62f6236963316",
                        "attributes": {
                            "destination_cidr_block": "10.123.112.0/20",
                            "destination_prefix_list_id": "",
                            "egress_only_gateway_id": "",
                            "gateway_id": "",
                            "id": "r-rtb-8e4f62f6236963316",
                            "instance_id": "",
                            "instance_owner_id": "",
                            "nat_gateway_id": "",
                            "network_interface_id": "",
                            "origin": "CreateRoute",
                            "route_table_id": "rtb-8e4f62f6",
                            "state": "active",
                            "vpc_peering_connection_id": "pcx-c87707a1"
                        },
                        "meta": {},
                        "tainted": false
                    },
                    "deposed": [],
                    "provider": ""
                },
                "aws_route.infra_natdc.1": {
                    "type": "aws_route",
                    "depends_on": [
                        "aws_vpc_peering_connection.infra"
                    ],
                    "primary": {
                        "id": "r-rtb-f9486581236963316",
                        "attributes": {
                            "destination_cidr_block": "10.123.112.0/20",
                            "destination_prefix_list_id": "",
                            "egress_only_gateway_id": "",
                            "gateway_id": "",
                            "id": "r-rtb-f9486581236963316",
                            "instance_id": "",
                            "instance_owner_id": "",
                            "nat_gateway_id": "",
                            "network_interface_id": "",
                            "origin": "CreateRoute",
                            "route_table_id": "rtb-f9486581",
                            "state": "active",
                            "vpc_peering_connection_id": "pcx-c87707a1"
                        },
                        "meta": {},
                        "tainted": false
                    },
                    "deposed": [],
                    "provider": ""
                },
                "aws_route.infra_natdc.2": {
                    "type": "aws_route",
                    "depends_on": [
                        "aws_vpc_peering_connection.infra"
                    ],
                    "primary": {
                        "id": "r-rtb-a4705ddc236963316",
                        "attributes": {
                            "destination_cidr_block": "10.123.112.0/20",
                            "destination_prefix_list_id": "",
                            "egress_only_gateway_id": "",
                            "gateway_id": "",
                            "id": "r-rtb-a4705ddc236963316",
                            "instance_id": "",
                            "instance_owner_id": "",
                            "nat_gateway_id": "",
                            "network_interface_id": "",
                            "origin": "CreateRoute",
                            "route_table_id": "rtb-a4705ddc",
                            "state": "active",
                            "vpc_peering_connection_id": "pcx-c87707a1"
                        },
                        "meta": {},
                        "tainted": false
                    },
                    "deposed": [],
                    "provider": ""
                },
                "aws_route.infra_natdc.3": {
                    "type": "aws_route",
                    "depends_on": [
                        "aws_vpc_peering_connection.infra"
                    ],
                    "primary": {
                        "id": "r-rtb-3d456845236963316",
                        "attributes": {
                            "destination_cidr_block": "10.123.112.0/20",
                            "destination_prefix_list_id": "",
                            "egress_only_gateway_id": "",
                            "gateway_id": "",
                            "id": "r-rtb-3d456845236963316",
                            "instance_id": "",
                            "instance_owner_id": "",
                            "nat_gateway_id": "",
                            "network_interface_id": "",
                            "origin": "CreateRoute",
                            "route_table_id": "rtb-3d456845",
                            "state": "active",
                            "vpc_peering_connection_id": "pcx-c87707a1"
                        },
                        "meta": {},
                        "tainted": false
                    },
                    "deposed": [],
                    "provider": ""
                },
                "aws_route.infra_natdc.4": {
                    "type": "aws_route",
                    "depends_on": [
                        "aws_vpc_peering_connection.infra"
                    ],
                    "primary": {
                        "id": "r-rtb-b94469c1236963316",
                        "attributes": {
                            "destination_cidr_block": "10.123.112.0/20",
                            "destination_prefix_list_id": "",
                            "egress_only_gateway_id": "",
                            "gateway_id": "",
                            "id": "r-rtb-b94469c1236963316",
                            "instance_id": "",
                            "instance_owner_id": "",
                            "nat_gateway_id": "",
                            "network_interface_id": "",
                            "origin": "CreateRoute",
                            "route_table_id": "rtb-b94469c1",
                            "state": "active",
                            "vpc_peering_connection_id": "pcx-c87707a1"
                        },
                        "meta": {},
                        "tainted": false
                    },
                    "deposed": [],
                    "provider": ""
                },
                "aws_route.infra_private": {
                    "type": "aws_route",
                    "depends_on": [
                        "aws_vpc_peering_connection.infra"
                    ],
                    "primary": {
                        "id": "r-rtb-7c4c6104236963316",
                        "attributes": {
                            "destination_cidr_block": "10.123.112.0/20",
                            "destination_prefix_list_id": "",
                            "egress_only_gateway_id": "",
                            "gateway_id": "",
                            "id": "r-rtb-7c4c6104236963316",
                            "instance_id": "",
                            "instance_owner_id": "",
                            "nat_gateway_id": "",
                            "network_interface_id": "",
                            "origin": "CreateRoute",
                            "route_table_id": "rtb-7c4c6104",
                            "state": "active",
                            "vpc_peering_connection_id": "pcx-c87707a1"
                        },
                        "meta": {},
                        "tainted": false
                    },
                    "deposed": [],
                    "provider": ""
                },
                "aws_route.infra_public": {
                    "type": "aws_route",
                    "depends_on": [
                        "aws_vpc_peering_connection.infra"
                    ],
                    "primary": {
                        "id": "r-rtb-30466b48236963316",
                        "attributes": {
                            "destination_cidr_block": "10.123.112.0/20",
                            "destination_prefix_list_id": "",
                            "egress_only_gateway_id": "",
                            "gateway_id": "",
                            "id": "r-rtb-30466b48236963316",
                            "instance_id": "",
                            "instance_owner_id": "",
                            "nat_gateway_id": "",
                            "network_interface_id": "",
                            "origin": "CreateRoute",
                            "route_table_id": "rtb-30466b48",
                            "state": "active",
                            "vpc_peering_connection_id": "pcx-c87707a1"
                        },
                        "meta": {},
                        "tainted": false
                    },
                    "deposed": [],
                    "provider": ""
                },
                "aws_route53_zone_association.route53": {
                    "type": "aws_route53_zone_association",
                    "depends_on": [
                        "aws_vpc.main"
                    ],
                    "primary": {
                        "id": "ZC46QDQ3D8IG:vpc-4da13e34",
                        "attributes": {
                            "id": "ZC46QDQ3D8IG:vpc-4da13e34",
                            "vpc_id": "vpc-4da13e34",
                            "vpc_region": "us-east-1",
                            "zone_id": "ZC46QDQ3D8IG"
                        },
                        "meta": {},
                        "tainted": false
                    },
                    "deposed": [],
                    "provider": ""
                },
                "aws_route_table.natdc.0": {
                    "type": "aws_route_table",
                    "depends_on": [
                        "aws_nat_gateway.natgw.*",
                        "aws_vpc.main",
                        "aws_vpn_gateway.vgw"
                    ],
                    "primary": {
                        "id": "rtb-874469ff",
                        "attributes": {
                            "id": "rtb-874469ff",
                            "propagating_vgws.#": "1",
                            "propagating_vgws.2145056523": "vgw-5d896234",
                            "route.#": "2",
                            "route.3558309966.cidr_block": "0.0.0.0/0",
                            "route.3558309966.egress_only_gateway_id": "",
                            "route.3558309966.gateway_id": "",
                            "route.3558309966.instance_id": "",
                            "route.3558309966.ipv6_cidr_block": "",
                            "route.3558309966.nat_gateway_id": "nat-01050fbf4e7389bea",
                            "route.3558309966.network_interface_id": "",
                            "route.3558309966.vpc_peering_connection_id": "",
                            "route.4258160020.cidr_block": "10.127.28.7/32",
                            "route.4258160020.egress_only_gateway_id": "",
                            "route.4258160020.gateway_id": "",
                            "route.4258160020.instance_id": "",
                            "route.4258160020.ipv6_cidr_block": "",
                            "route.4258160020.nat_gateway_id": "",
                            "route.4258160020.network_interface_id": "",
                            "route.4258160020.vpc_peering_connection_id": "pcx-c87707a1",
                            "tags.%": "5",
                            "tags.Name": "prod-natdc-routetable",
                            "tags.account_name": "jive-data-prod",
                            "tags.pipeline_phase": "prod",
                            "tags.region": "us-east-1",
                            "tags.sla": "prod",
                            "vpc_id": "vpc-4da13e34"
                        },
                        "meta": {},
                        "tainted": false
                    },
                    "deposed": [],
                    "provider": ""
                },
                "aws_route_table.natdc.1": {
                    "type": "aws_route_table",
                    "depends_on": [
                        "aws_nat_gateway.natgw.*",
                        "aws_vpc.main",
                        "aws_vpn_gateway.vgw"
                    ],
                    "primary": {
                        "id": "rtb-8b466bf3",
                        "attributes": {
                            "id": "rtb-8b466bf3",
                            "propagating_vgws.#": "1",
                            "propagating_vgws.2145056523": "vgw-5d896234",
                            "route.#": "2",
                            "route.3501700592.cidr_block": "0.0.0.0/0",
                            "route.3501700592.egress_only_gateway_id": "",
                            "route.3501700592.gateway_id": "",
                            "route.3501700592.instance_id": "",
                            "route.3501700592.ipv6_cidr_block": "",
                            "route.3501700592.nat_gateway_id": "nat-08eb1adf085ead0f8",
                            "route.3501700592.network_interface_id": "",
                            "route.3501700592.vpc_peering_connection_id": "",
                            "route.4258160020.cidr_block": "10.127.28.7/32",
                            "route.4258160020.egress_only_gateway_id": "",
                            "route.4258160020.gateway_id": "",
                            "route.4258160020.instance_id": "",
                            "route.4258160020.ipv6_cidr_block": "",
                            "route.4258160020.nat_gateway_id": "",
                            "route.4258160020.network_interface_id": "",
                            "route.4258160020.vpc_peering_connection_id": "pcx-c87707a1",
                            "tags.%": "5",
                            "tags.Name": "prod-natdc-routetable",
                            "tags.account_name": "jive-data-prod",
                            "tags.pipeline_phase": "prod",
                            "tags.region": "us-east-1",
                            "tags.sla": "prod",
                            "vpc_id": "vpc-4da13e34"
                        },
                        "meta": {},
                        "tainted": false
                    },
                    "deposed": [],
                    "provider": ""
                },
                "aws_route_table.natdc.2": {
                    "type": "aws_route_table",
                    "depends_on": [
                        "aws_nat_gateway.natgw.*",
                        "aws_vpc.main",
                        "aws_vpn_gateway.vgw"
                    ],
                    "primary": {
                        "id": "rtb-e65e739e",
                        "attributes": {
                            "id": "rtb-e65e739e",
                            "propagating_vgws.#": "1",
                            "propagating_vgws.2145056523": "vgw-5d896234",
                            "route.#": "2",
                            "route.3492406399.cidr_block": "0.0.0.0/0",
                            "route.3492406399.egress_only_gateway_id": "",
                            "route.3492406399.gateway_id": "",
                            "route.3492406399.instance_id": "",
                            "route.3492406399.ipv6_cidr_block": "",
                            "route.3492406399.nat_gateway_id": "nat-044bc5f1507b88861",
                            "route.3492406399.network_interface_id": "",
                            "route.3492406399.vpc_peering_connection_id": "",
                            "route.4258160020.cidr_block": "10.127.28.7/32",
                            "route.4258160020.egress_only_gateway_id": "",
                            "route.4258160020.gateway_id": "",
                            "route.4258160020.instance_id": "",
                            "route.4258160020.ipv6_cidr_block": "",
                            "route.4258160020.nat_gateway_id": "",
                            "route.4258160020.network_interface_id": "",
                            "route.4258160020.vpc_peering_connection_id": "pcx-c87707a1",
                            "tags.%": "5",
                            "tags.Name": "prod-natdc-routetable",
                            "tags.account_name": "jive-data-prod",
                            "tags.pipeline_phase": "prod",
                            "tags.region": "us-east-1",
                            "tags.sla": "prod",
                            "vpc_id": "vpc-4da13e34"
                        },
                        "meta": {},
                        "tainted": false
                    },
                    "deposed": [],
                    "provider": ""
                },
                "aws_route_table.natdc.3": {
                    "type": "aws_route_table",
                    "depends_on": [
                        "aws_nat_gateway.natgw.*",
                        "aws_vpc.main",
                        "aws_vpn_gateway.vgw"
                    ],
                    "primary": {
                        "id": "rtb-a55f72dd",
                        "attributes": {
                            "id": "rtb-a55f72dd",
                            "propagating_vgws.#": "1",
                            "propagating_vgws.2145056523": "vgw-5d896234",
                            "route.#": "2",
                            "route.1131619661.cidr_block": "0.0.0.0/0",
                            "route.1131619661.egress_only_gateway_id": "",
                            "route.1131619661.gateway_id": "",
                            "route.1131619661.instance_id": "",
                            "route.1131619661.ipv6_cidr_block": "",
                            "route.1131619661.nat_gateway_id": "nat-09f6cfc7852f053ca",
                            "route.1131619661.network_interface_id": "",
                            "route.1131619661.vpc_peering_connection_id": "",
                            "route.4258160020.cidr_block": "10.127.28.7/32",
                            "route.4258160020.egress_only_gateway_id": "",
                            "route.4258160020.gateway_id": "",
                            "route.4258160020.instance_id": "",
                            "route.4258160020.ipv6_cidr_block": "",
                            "route.4258160020.nat_gateway_id": "",
                            "route.4258160020.network_interface_id": "",
                            "route.4258160020.vpc_peering_connection_id": "pcx-c87707a1",
                            "tags.%": "5",
                            "tags.Name": "prod-natdc-routetable",
                            "tags.account_name": "jive-data-prod",
                            "tags.pipeline_phase": "prod",
                            "tags.region": "us-east-1",
                            "tags.sla": "prod",
                            "vpc_id": "vpc-4da13e34"
                        },
                        "meta": {},
                        "tainted": false
                    },
                    "deposed": [],
                    "provider": ""
                },
                "aws_route_table.natdc.4": {
                    "type": "aws_route_table",
                    "depends_on": [
                        "aws_nat_gateway.natgw.*",
                        "aws_vpc.main",
                        "aws_vpn_gateway.vgw"
                    ],
                    "primary": {
                        "id": "rtb-bf5974c7",
                        "attributes": {
                            "id": "rtb-bf5974c7",
                            "propagating_vgws.#": "1",
                            "propagating_vgws.2145056523": "vgw-5d896234",
                            "route.#": "2",
                            "route.2805244136.cidr_block": "0.0.0.0/0",
                            "route.2805244136.egress_only_gateway_id": "",
                            "route.2805244136.gateway_id": "",
                            "route.2805244136.instance_id": "",
                            "route.2805244136.ipv6_cidr_block": "",
                            "route.2805244136.nat_gateway_id": "nat-05c711ef6cedaa103",
                            "route.2805244136.network_interface_id": "",
                            "route.2805244136.vpc_peering_connection_id": "",
                            "route.4258160020.cidr_block": "10.127.28.7/32",
                            "route.4258160020.egress_only_gateway_id": "",
                            "route.4258160020.gateway_id": "",
                            "route.4258160020.instance_id": "",
                            "route.4258160020.ipv6_cidr_block": "",
                            "route.4258160020.nat_gateway_id": "",
                            "route.4258160020.network_interface_id": "",
                            "route.4258160020.vpc_peering_connection_id": "pcx-c87707a1",
                            "tags.%": "5",
                            "tags.Name": "prod-natdc-routetable",
                            "tags.account_name": "jive-data-prod",
                            "tags.pipeline_phase": "prod",
                            "tags.region": "us-east-1",
                            "tags.sla": "prod",
                            "vpc_id": "vpc-4da13e34"
                        },
                        "meta": {},
                        "tainted": false
                    },
                    "deposed": [],
                    "provider": ""
                },
                "aws_route_table.private": {
                    "type": "aws_route_table",
                    "depends_on": [
                        "aws_vpc.main"
                    ],
                    "primary": {
                        "id": "rtb-18426f60",
                        "attributes": {
                            "id": "rtb-18426f60",
                            "propagating_vgws.#": "0",
                            "route.#": "1",
                            "route.4258160020.cidr_block": "10.127.28.7/32",
                            "route.4258160020.egress_only_gateway_id": "",
                            "route.4258160020.gateway_id": "",
                            "route.4258160020.instance_id": "",
                            "route.4258160020.ipv6_cidr_block": "",
                            "route.4258160020.nat_gateway_id": "",
                            "route.4258160020.network_interface_id": "",
                            "route.4258160020.vpc_peering_connection_id": "pcx-c87707a1",
                            "tags.%": "5",
                            "tags.Name": "prod-private-routetable",
                            "tags.account_name": "jive-data-prod",
                            "tags.pipeline_phase": "prod",
                            "tags.region": "us-east-1",
                            "tags.sla": "prod",
                            "vpc_id": "vpc-4da13e34"
                        },
                        "meta": {},
                        "tainted": false
                    },
                    "deposed": [],
                    "provider": ""
                },
                "aws_route_table.public": {
                    "type": "aws_route_table",
                    "depends_on": [
                        "aws_internet_gateway.igw",
                        "aws_vpc.main"
                    ],
                    "primary": {
                        "id": "rtb-24476a5c",
                        "attributes": {
                            "id": "rtb-24476a5c",
                            "propagating_vgws.#": "0",
                            "route.#": "2",
                            "route.4258160020.cidr_block": "10.127.28.7/32",
                            "route.4258160020.egress_only_gateway_id": "",
                            "route.4258160020.gateway_id": "",
                            "route.4258160020.instance_id": "",
                            "route.4258160020.ipv6_cidr_block": "",
                            "route.4258160020.nat_gateway_id": "",
                            "route.4258160020.network_interface_id": "",
                            "route.4258160020.vpc_peering_connection_id": "pcx-c87707a1",
                            "route.839486529.cidr_block": "0.0.0.0/0",
                            "route.839486529.egress_only_gateway_id": "",
                            "route.839486529.gateway_id": "igw-79fbb61f",
                            "route.839486529.instance_id": "",
                            "route.839486529.ipv6_cidr_block": "",
                            "route.839486529.nat_gateway_id": "",
                            "route.839486529.network_interface_id": "",
                            "route.839486529.vpc_peering_connection_id": "",
                            "tags.%": "6",
                            "tags.KubernetesCluster": "us-east-1_jive-data-prod",
                            "tags.Name": "prod-public-routetable",
                            "tags.account_name": "jive-data-prod",
                            "tags.pipeline_phase": "prod",
                            "tags.region": "us-east-1",
                            "tags.sla": "prod",
                            "vpc_id": "vpc-4da13e34"
                        },
                        "meta": {},
                        "tainted": false
                    },
                    "deposed": [],
                    "provider": ""
                },
                "aws_route_table_association.natdc.0": {
                    "type": "aws_route_table_association",
                    "depends_on": [
                        "aws_route_table.natdc.*",
                        "aws_subnet.natdc.*"
                    ],
                    "primary": {
                        "id": "rtbassoc-73f0ec08",
                        "attributes": {
                            "id": "rtbassoc-73f0ec08",
                            "route_table_id": "rtb-874469ff",
                            "subnet_id": "subnet-8ae472a6"
                        },
                        "meta": {},
                        "tainted": false
                    },
                    "deposed": [],
                    "provider": ""
                },
                "aws_route_table_association.natdc.1": {
                    "type": "aws_route_table_association",
                    "depends_on": [
                        "aws_route_table.natdc.*",
                        "aws_subnet.natdc.*"
                    ],
                    "primary": {
                        "id": "rtbassoc-eef4e895",
                        "attributes": {
                            "id": "rtbassoc-eef4e895",
                            "route_table_id": "rtb-8b466bf3",
                            "subnet_id": "subnet-cbd89683"
                        },
                        "meta": {},
                        "tainted": false
                    },
                    "deposed": [],
                    "provider": ""
                },
                "aws_route_table_association.natdc.2": {
                    "type": "aws_route_table_association",
                    "depends_on": [
                        "aws_route_table.natdc.*",
                        "aws_subnet.natdc.*"
                    ],
                    "primary": {
                        "id": "rtbassoc-e1fde19a",
                        "attributes": {
                            "id": "rtbassoc-e1fde19a",
                            "route_table_id": "rtb-e65e739e",
                            "subnet_id": "subnet-4c901e16"
                        },
                        "meta": {},
                        "tainted": false
                    },
                    "deposed": [],
                    "provider": ""
                },
                "aws_route_table_association.natdc.3": {
                    "type": "aws_route_table_association",
                    "depends_on": [
                        "aws_route_table.natdc.*",
                        "aws_subnet.natdc.*"
                    ],
                    "primary": {
                        "id": "rtbassoc-b1fbe7ca",
                        "attributes": {
                            "id": "rtbassoc-b1fbe7ca",
                            "route_table_id": "rtb-a55f72dd",
                            "subnet_id": "subnet-4a21c62e"
                        },
                        "meta": {},
                        "tainted": false
                    },
                    "deposed": [],
                    "provider": ""
                },
                "aws_route_table_association.natdc.4": {
                    "type": "aws_route_table_association",
                    "depends_on": [
                        "aws_route_table.natdc.*",
                        "aws_subnet.natdc.*"
                    ],
                    "primary": {
                        "id": "rtbassoc-1cf0ec67",
                        "attributes": {
                            "id": "rtbassoc-1cf0ec67",
                            "route_table_id": "rtb-bf5974c7",
                            "subnet_id": "subnet-4c232270"
                        },
                        "meta": {},
                        "tainted": false
                    },
                    "deposed": [],
                    "provider": ""
                },
                "aws_route_table_association.private.0": {
                    "type": "aws_route_table_association",
                    "depends_on": [
                        "aws_route_table.private",
                        "aws_subnet.private.*"
                    ],
                    "primary": {
                        "id": "rtbassoc-f3f4e888",
                        "attributes": {
                            "id": "rtbassoc-f3f4e888",
                            "route_table_id": "rtb-18426f60",
                            "subnet_id": "subnet-6ae17746"
                        },
                        "meta": {},
                        "tainted": false
                    },
                    "deposed": [],
                    "provider": ""
                },
                "aws_route_table_association.private.1": {
                    "type": "aws_route_table_association",
                    "depends_on": [
                        "aws_route_table.private",
                        "aws_subnet.private.*"
                    ],
                    "primary": {
                        "id": "rtbassoc-77f6ea0c",
                        "attributes": {
                            "id": "rtbassoc-77f6ea0c",
                            "route_table_id": "rtb-18426f60",
                            "subnet_id": "subnet-2fdd9367"
                        },
                        "meta": {},
                        "tainted": false
                    },
                    "deposed": [],
                    "provider": ""
                },
                "aws_route_table_association.private.2": {
                    "type": "aws_route_table_association",
                    "depends_on": [
                        "aws_route_table.private",
                        "aws_subnet.private.*"
                    ],
                    "primary": {
                        "id": "rtbassoc-9affe3e1",
                        "attributes": {
                            "id": "rtbassoc-9affe3e1",
                            "route_table_id": "rtb-18426f60",
                            "subnet_id": "subnet-dea82684"
                        },
                        "meta": {},
                        "tainted": false
                    },
                    "deposed": [],
                    "provider": ""
                },
                "aws_route_table_association.private.3": {
                    "type": "aws_route_table_association",
                    "depends_on": [
                        "aws_route_table.private",
                        "aws_subnet.private.*"
                    ],
                    "primary": {
                        "id": "rtbassoc-9bffe3e0",
                        "attributes": {
                            "id": "rtbassoc-9bffe3e0",
                            "route_table_id": "rtb-18426f60",
                            "subnet_id": "subnet-652bcc01"
                        },
                        "meta": {},
                        "tainted": false
                    },
                    "deposed": [],
                    "provider": ""
                },
                "aws_route_table_association.private.4": {
                    "type": "aws_route_table_association",
                    "depends_on": [
                        "aws_route_table.private",
                        "aws_subnet.private.*"
                    ],
                    "primary": {
                        "id": "rtbassoc-13fee268",
                        "attributes": {
                            "id": "rtbassoc-13fee268",
                            "route_table_id": "rtb-18426f60",
                            "subnet_id": "subnet-68282954"
                        },
                        "meta": {},
                        "tainted": false
                    },
                    "deposed": [],
                    "provider": ""
                },
                "aws_route_table_association.public.0": {
                    "type": "aws_route_table_association",
                    "depends_on": [
                        "aws_route_table.public",
                        "aws_subnet.public.*"
                    ],
                    "primary": {
                        "id": "rtbassoc-bbf0ecc0",
                        "attributes": {
                            "id": "rtbassoc-bbf0ecc0",
                            "route_table_id": "rtb-24476a5c",
                            "subnet_id": "subnet-ebe375c7"
                        },
                        "meta": {},
                        "tainted": false
                    },
                    "deposed": [],
                    "provider": ""
                },
                "aws_route_table_association.public.1": {
                    "type": "aws_route_table_association",
                    "depends_on": [
                        "aws_route_table.public",
                        "aws_subnet.public.*"
                    ],
                    "primary": {
                        "id": "rtbassoc-67ffe31c",
                        "attributes": {
                            "id": "rtbassoc-67ffe31c",
                            "route_table_id": "rtb-24476a5c",
                            "subnet_id": "subnet-40d69808"
                        },
                        "meta": {},
                        "tainted": false
                    },
                    "deposed": [],
                    "provider": ""
                },
                "aws_route_table_association.public.2": {
                    "type": "aws_route_table_association",
                    "depends_on": [
                        "aws_route_table.public",
                        "aws_subnet.public.*"
                    ],
                    "primary": {
                        "id": "rtbassoc-0cf6ea77",
                        "attributes": {
                            "id": "rtbassoc-0cf6ea77",
                            "route_table_id": "rtb-24476a5c",
                            "subnet_id": "subnet-41ad231b"
                        },
                        "meta": {},
                        "tainted": false
                    },
                    "deposed": [],
                    "provider": ""
                },
                "aws_route_table_association.public.3": {
                    "type": "aws_route_table_association",
                    "depends_on": [
                        "aws_route_table.public",
                        "aws_subnet.public.*"
                    ],
                    "primary": {
                        "id": "rtbassoc-9ef4e8e5",
                        "attributes": {
                            "id": "rtbassoc-9ef4e8e5",
                            "route_table_id": "rtb-24476a5c",
                            "subnet_id": "subnet-732fc817"
                        },
                        "meta": {},
                        "tainted": false
                    },
                    "deposed": [],
                    "provider": ""
                },
                "aws_route_table_association.public.4": {
                    "type": "aws_route_table_association",
                    "depends_on": [
                        "aws_route_table.public",
                        "aws_subnet.public.*"
                    ],
                    "primary": {
                        "id": "rtbassoc-12fee269",
                        "attributes": {
                            "id": "rtbassoc-12fee269",
                            "route_table_id": "rtb-24476a5c",
                            "subnet_id": "subnet-5c1e1f60"
                        },
                        "meta": {},
                        "tainted": false
                    },
                    "deposed": [],
                    "provider": ""
                },
                "aws_security_group.admin_instance": {
                    "type": "aws_security_group",
                    "depends_on": [
                        "aws_vpc.main"
                    ],
                    "primary": {
                        "id": "sg-24236555",
                        "attributes": {
                            "description": "Admin instances for the VPC",
                            "egress.#": "0",
                            "id": "sg-24236555",
                            "ingress.#": "0",
                            "name": "prod-admin-instance",
                            "owner_id": "467524913882",
                            "tags.%": "5",
                            "tags.Name": "prod-admin-instance",
                            "tags.account_name": "jive-data-prod",
                            "tags.pipeline_phase": "prod",
                            "tags.region": "us-east-1",
                            "tags.sla": "prod",
                            "vpc_id": "vpc-4da13e34"
                        },
                        "meta": {},
                        "tainted": false
                    },
                    "deposed": [],
                    "provider": ""
                },
                "aws_security_group.env_instance": {
                    "type": "aws_security_group",
                    "depends_on": [
                        "aws_vpc.main",
                        "data.aws_security_group.bastion"
                    ],
                    "primary": {
                        "id": "sg-69206618",
                        "attributes": {
                            "description": "All instances within the evironment",
                            "egress.#": "1",
                            "egress.482069346.cidr_blocks.#": "1",
                            "egress.482069346.cidr_blocks.0": "0.0.0.0/0",
                            "egress.482069346.from_port": "0",
                            "egress.482069346.ipv6_cidr_blocks.#": "0",
                            "egress.482069346.prefix_list_ids.#": "0",
                            "egress.482069346.protocol": "-1",
                            "egress.482069346.security_groups.#": "0",
                            "egress.482069346.self": "false",
                            "egress.482069346.to_port": "0",
                            "id": "sg-69206618",
                            "ingress.#": "2",
                            "ingress.2896406612.cidr_blocks.#": "0",
                            "ingress.2896406612.from_port": "22",
                            "ingress.2896406612.ipv6_cidr_blocks.#": "0",
                            "ingress.2896406612.protocol": "tcp",
                            "ingress.2896406612.security_groups.#": "1",
                            "ingress.2896406612.security_groups.1267375322": "sg-e4094f95",
                            "ingress.2896406612.self": "false",
                            "ingress.2896406612.to_port": "22",
                            "ingress.299333623.cidr_blocks.#": "0",
                            "ingress.299333623.from_port": "8",
                            "ingress.299333623.ipv6_cidr_blocks.#": "0",
                            "ingress.299333623.protocol": "icmp",
                            "ingress.299333623.security_groups.#": "1",
                            "ingress.299333623.security_groups.1267375322": "sg-e4094f95",
                            "ingress.299333623.self": "false",
                            "ingress.299333623.to_port": "0",
                            "name": "prod-instance",
                            "owner_id": "467524913882",
                            "tags.%": "5",
                            "tags.Name": "prod-instance",
                            "tags.account_name": "jive-data-prod",
                            "tags.pipeline_phase": "prod",
                            "tags.region": "us-east-1",
                            "tags.sla": "prod",
                            "vpc_id": "vpc-4da13e34"
                        },
                        "meta": {},
                        "tainted": false
                    },
                    "deposed": [],
                    "provider": ""
                },
                "aws_security_group.natgw_instance": {
                    "type": "aws_security_group",
                    "depends_on": [
                        "aws_security_group.env_instance",
                        "aws_vpc.main"
                    ],
                    "primary": {
                        "id": "sg-dc1d5bad",
                        "attributes": {
                            "description": "Members of this SG are allowed to send any type of traffic to the NAT Box.",
                            "egress.#": "0",
                            "id": "sg-dc1d5bad",
                            "ingress.#": "1",
                            "ingress.2244102438.cidr_blocks.#": "0",
                            "ingress.2244102438.from_port": "0",
                            "ingress.2244102438.ipv6_cidr_blocks.#": "0",
                            "ingress.2244102438.protocol": "-1",
                            "ingress.2244102438.security_groups.#": "1",
                            "ingress.2244102438.security_groups.3253852875": "sg-69206618",
                            "ingress.2244102438.self": "false",
                            "ingress.2244102438.to_port": "0",
                            "name": "prod-natgw-instance",
                            "owner_id": "467524913882",
                            "tags.%": "5",
                            "tags.Name": "prod-natgw-instance",
                            "tags.account_name": "jive-data-prod",
                            "tags.pipeline_phase": "prod",
                            "tags.region": "us-east-1",
                            "tags.sla": "prod",
                            "vpc_id": "vpc-4da13e34"
                        },
                        "meta": {},
                        "tainted": false
                    },
                    "deposed": [],
                    "provider": ""
                },
                "aws_subnet.natdc.0": {
                    "type": "aws_subnet",
                    "depends_on": [
                        "aws_vpc.main"
                    ],
                    "primary": {
                        "id": "subnet-8ae472a6",
                        "attributes": {
                            "assign_ipv6_address_on_creation": "false",
                            "availability_zone": "us-east-1a",
                            "cidr_block": "10.123.112.0/23",
                            "id": "subnet-8ae472a6",
                            "map_public_ip_on_launch": "false",
                            "tags.%": "7",
                            "tags.KubernetesCluster": "us-east-1_jive-data-prod",
                            "tags.Name": "prod-natdc-subnet",
                            "tags.account_name": "jive-data-prod",
                            "tags.kubernetes.io/role/internal-elb": "us-east-1_jive-data-prod",
                            "tags.pipeline_phase": "prod",
                            "tags.region": "us-east-1",
                            "tags.sla": "prod",
                            "vpc_id": "vpc-4da13e34"
                        },
                        "meta": {
                            "schema_version": "1"
                        },
                        "tainted": false
                    },
                    "deposed": [],
                    "provider": ""
                },
                "aws_subnet.natdc.1": {
                    "type": "aws_subnet",
                    "depends_on": [
                        "aws_vpc.main"
                    ],
                    "primary": {
                        "id": "subnet-cbd89683",
                        "attributes": {
                            "assign_ipv6_address_on_creation": "false",
                            "availability_zone": "us-east-1b",
                            "cidr_block": "10.123.114.0/23",
                            "id": "subnet-cbd89683",
                            "map_public_ip_on_launch": "false",
                            "tags.%": "7",
                            "tags.KubernetesCluster": "us-east-1_jive-data-prod",
                            "tags.Name": "prod-natdc-subnet",
                            "tags.account_name": "jive-data-prod",
                            "tags.kubernetes.io/role/internal-elb": "us-east-1_jive-data-prod",
                            "tags.pipeline_phase": "prod",
                            "tags.region": "us-east-1",
                            "tags.sla": "prod",
                            "vpc_id": "vpc-4da13e34"
                        },
                        "meta": {
                            "schema_version": "1"
                        },
                        "tainted": false
                    },
                    "deposed": [],
                    "provider": ""
                },
                "aws_subnet.natdc.2": {
                    "type": "aws_subnet",
                    "depends_on": [
                        "aws_vpc.main"
                    ],
                    "primary": {
                        "id": "subnet-4c901e16",
                        "attributes": {
                            "assign_ipv6_address_on_creation": "false",
                            "availability_zone": "us-east-1c",
                            "cidr_block": "10.123.116.0/23",
                            "id": "subnet-4c901e16",
                            "map_public_ip_on_launch": "false",
                            "tags.%": "7",
                            "tags.KubernetesCluster": "us-east-1_jive-data-prod",
                            "tags.Name": "prod-natdc-subnet",
                            "tags.account_name": "jive-data-prod",
                            "tags.kubernetes.io/role/internal-elb": "us-east-1_jive-data-prod",
                            "tags.pipeline_phase": "prod",
                            "tags.region": "us-east-1",
                            "tags.sla": "prod",
                            "vpc_id": "vpc-4da13e34"
                        },
                        "meta": {
                            "schema_version": "1"
                        },
                        "tainted": false
                    },
                    "deposed": [],
                    "provider": ""
                },
                "aws_subnet.natdc.3": {
                    "type": "aws_subnet",
                    "depends_on": [
                        "aws_vpc.main"
                    ],
                    "primary": {
                        "id": "subnet-4a21c62e",
                        "attributes": {
                            "assign_ipv6_address_on_creation": "false",
                            "availability_zone": "us-east-1d",
                            "cidr_block": "10.123.118.0/23",
                            "id": "subnet-4a21c62e",
                            "map_public_ip_on_launch": "false",
                            "tags.%": "7",
                            "tags.KubernetesCluster": "us-east-1_jive-data-prod",
                            "tags.Name": "prod-natdc-subnet",
                            "tags.account_name": "jive-data-prod",
                            "tags.kubernetes.io/role/internal-elb": "us-east-1_jive-data-prod",
                            "tags.pipeline_phase": "prod",
                            "tags.region": "us-east-1",
                            "tags.sla": "prod",
                            "vpc_id": "vpc-4da13e34"
                        },
                        "meta": {
                            "schema_version": "1"
                        },
                        "tainted": false
                    },
                    "deposed": [],
                    "provider": ""
                },
                "aws_subnet.natdc.4": {
                    "type": "aws_subnet",
                    "depends_on": [
                        "aws_vpc.main"
                    ],
                    "primary": {
                        "id": "subnet-4c232270",
                        "attributes": {
                            "assign_ipv6_address_on_creation": "false",
                            "availability_zone": "us-east-1e",
                            "cidr_block": "10.123.120.0/23",
                            "id": "subnet-4c232270",
                            "map_public_ip_on_launch": "false",
                            "tags.%": "7",
                            "tags.KubernetesCluster": "us-east-1_jive-data-prod",
                            "tags.Name": "prod-natdc-subnet",
                            "tags.account_name": "jive-data-prod",
                            "tags.kubernetes.io/role/internal-elb": "us-east-1_jive-data-prod",
                            "tags.pipeline_phase": "prod",
                            "tags.region": "us-east-1",
                            "tags.sla": "prod",
                            "vpc_id": "vpc-4da13e34"
                        },
                        "meta": {
                            "schema_version": "1"
                        },
                        "tainted": false
                    },
                    "deposed": [],
                    "provider": ""
                },
                "aws_subnet.private.0": {
                    "type": "aws_subnet",
                    "depends_on": [
                        "aws_vpc.main"
                    ],
                    "primary": {
                        "id": "subnet-6ae17746",
                        "attributes": {
                            "assign_ipv6_address_on_creation": "false",
                            "availability_zone": "us-east-1a",
                            "cidr_block": "10.123.124.128/25",
                            "id": "subnet-6ae17746",
                            "map_public_ip_on_launch": "false",
                            "tags.%": "5",
                            "tags.Name": "prod-private-subnet",
                            "tags.account_name": "jive-data-prod",
                            "tags.pipeline_phase": "prod",
                            "tags.region": "us-east-1",
                            "tags.sla": "prod",
                            "vpc_id": "vpc-4da13e34"
                        },
                        "meta": {
                            "schema_version": "1"
                        },
                        "tainted": false
                    },
                    "deposed": [],
                    "provider": ""
                },
                "aws_subnet.private.1": {
                    "type": "aws_subnet",
                    "depends_on": [
                        "aws_vpc.main"
                    ],
                    "primary": {
                        "id": "subnet-2fdd9367",
                        "attributes": {
                            "assign_ipv6_address_on_creation": "false",
                            "availability_zone": "us-east-1b",
                            "cidr_block": "10.123.125.0/25",
                            "id": "subnet-2fdd9367",
                            "map_public_ip_on_launch": "false",
                            "tags.%": "5",
                            "tags.Name": "prod-private-subnet",
                            "tags.account_name": "jive-data-prod",
                            "tags.pipeline_phase": "prod",
                            "tags.region": "us-east-1",
                            "tags.sla": "prod",
                            "vpc_id": "vpc-4da13e34"
                        },
                        "meta": {
                            "schema_version": "1"
                        },
                        "tainted": false
                    },
                    "deposed": [],
                    "provider": ""
                },
                "aws_subnet.private.2": {
                    "type": "aws_subnet",
                    "depends_on": [
                        "aws_vpc.main"
                    ],
                    "primary": {
                        "id": "subnet-dea82684",
                        "attributes": {
                            "assign_ipv6_address_on_creation": "false",
                            "availability_zone": "us-east-1c",
                            "cidr_block": "10.123.125.128/25",
                            "id": "subnet-dea82684",
                            "map_public_ip_on_launch": "false",
                            "tags.%": "5",
                            "tags.Name": "prod-private-subnet",
                            "tags.account_name": "jive-data-prod",
                            "tags.pipeline_phase": "prod",
                            "tags.region": "us-east-1",
                            "tags.sla": "prod",
                            "vpc_id": "vpc-4da13e34"
                        },
                        "meta": {
                            "schema_version": "1"
                        },
                        "tainted": false
                    },
                    "deposed": [],
                    "provider": ""
                },
                "aws_subnet.private.3": {
                    "type": "aws_subnet",
                    "depends_on": [
                        "aws_vpc.main"
                    ],
                    "primary": {
                        "id": "subnet-652bcc01",
                        "attributes": {
                            "assign_ipv6_address_on_creation": "false",
                            "availability_zone": "us-east-1d",
                            "cidr_block": "10.123.126.0/25",
                            "id": "subnet-652bcc01",
                            "map_public_ip_on_launch": "false",
                            "tags.%": "5",
                            "tags.Name": "prod-private-subnet",
                            "tags.account_name": "jive-data-prod",
                            "tags.pipeline_phase": "prod",
                            "tags.region": "us-east-1",
                            "tags.sla": "prod",
                            "vpc_id": "vpc-4da13e34"
                        },
                        "meta": {
                            "schema_version": "1"
                        },
                        "tainted": false
                    },
                    "deposed": [],
                    "provider": ""
                },
                "aws_subnet.private.4": {
                    "type": "aws_subnet",
                    "depends_on": [
                        "aws_vpc.main"
                    ],
                    "primary": {
                        "id": "subnet-68282954",
                        "attributes": {
                            "assign_ipv6_address_on_creation": "false",
                            "availability_zone": "us-east-1e",
                            "cidr_block": "10.123.126.128/25",
                            "id": "subnet-68282954",
                            "map_public_ip_on_launch": "false",
                            "tags.%": "5",
                            "tags.Name": "prod-private-subnet",
                            "tags.account_name": "jive-data-prod",
                            "tags.pipeline_phase": "prod",
                            "tags.region": "us-east-1",
                            "tags.sla": "prod",
                            "vpc_id": "vpc-4da13e34"
                        },
                        "meta": {
                            "schema_version": "1"
                        },
                        "tainted": false
                    },
                    "deposed": [],
                    "provider": ""
                },
                "aws_subnet.public.0": {
                    "type": "aws_subnet",
                    "depends_on": [
                        "aws_vpc.main"
                    ],
                    "primary": {
                        "id": "subnet-ebe375c7",
                        "attributes": {
                            "assign_ipv6_address_on_creation": "false",
                            "availability_zone": "us-east-1a",
                            "cidr_block": "10.123.122.0/25",
                            "id": "subnet-ebe375c7",
                            "map_public_ip_on_launch": "false",
                            "tags.%": "6",
                            "tags.KubernetesCluster": "us-east-1_jive-data-prod",
                            "tags.Name": "prod-public-subnet",
                            "tags.account_name": "jive-data-prod",
                            "tags.pipeline_phase": "prod",
                            "tags.region": "us-east-1",
                            "tags.sla": "prod",
                            "vpc_id": "vpc-4da13e34"
                        },
                        "meta": {
                            "schema_version": "1"
                        },
                        "tainted": false
                    },
                    "deposed": [],
                    "provider": ""
                },
                "aws_subnet.public.1": {
                    "type": "aws_subnet",
                    "depends_on": [
                        "aws_vpc.main"
                    ],
                    "primary": {
                        "id": "subnet-40d69808",
                        "attributes": {
                            "assign_ipv6_address_on_creation": "false",
                            "availability_zone": "us-east-1b",
                            "cidr_block": "10.123.122.128/25",
                            "id": "subnet-40d69808",
                            "map_public_ip_on_launch": "false",
                            "tags.%": "6",
                            "tags.KubernetesCluster": "us-east-1_jive-data-prod",
                            "tags.Name": "prod-public-subnet",
                            "tags.account_name": "jive-data-prod",
                            "tags.pipeline_phase": "prod",
                            "tags.region": "us-east-1",
                            "tags.sla": "prod",
                            "vpc_id": "vpc-4da13e34"
                        },
                        "meta": {
                            "schema_version": "1"
                        },
                        "tainted": false
                    },
                    "deposed": [],
                    "provider": ""
                },
                "aws_subnet.public.2": {
                    "type": "aws_subnet",
                    "depends_on": [
                        "aws_vpc.main"
                    ],
                    "primary": {
                        "id": "subnet-41ad231b",
                        "attributes": {
                            "assign_ipv6_address_on_creation": "false",
                            "availability_zone": "us-east-1c",
                            "cidr_block": "10.123.123.0/25",
                            "id": "subnet-41ad231b",
                            "map_public_ip_on_launch": "false",
                            "tags.%": "6",
                            "tags.KubernetesCluster": "us-east-1_jive-data-prod",
                            "tags.Name": "prod-public-subnet",
                            "tags.account_name": "jive-data-prod",
                            "tags.pipeline_phase": "prod",
                            "tags.region": "us-east-1",
                            "tags.sla": "prod",
                            "vpc_id": "vpc-4da13e34"
                        },
                        "meta": {
                            "schema_version": "1"
                        },
                        "tainted": false
                    },
                    "deposed": [],
                    "provider": ""
                },
                "aws_subnet.public.3": {
                    "type": "aws_subnet",
                    "depends_on": [
                        "aws_vpc.main"
                    ],
                    "primary": {
                        "id": "subnet-732fc817",
                        "attributes": {
                            "assign_ipv6_address_on_creation": "false",
                            "availability_zone": "us-east-1d",
                            "cidr_block": "10.123.123.128/25",
                            "id": "subnet-732fc817",
                            "map_public_ip_on_launch": "false",
                            "tags.%": "6",
                            "tags.KubernetesCluster": "us-east-1_jive-data-prod",
                            "tags.Name": "prod-public-subnet",
                            "tags.account_name": "jive-data-prod",
                            "tags.pipeline_phase": "prod",
                            "tags.region": "us-east-1",
                            "tags.sla": "prod",
                            "vpc_id": "vpc-4da13e34"
                        },
                        "meta": {
                            "schema_version": "1"
                        },
                        "tainted": false
                    },
                    "deposed": [],
                    "provider": ""
                },
                "aws_subnet.public.4": {
                    "type": "aws_subnet",
                    "depends_on": [
                        "aws_vpc.main"
                    ],
                    "primary": {
                        "id": "subnet-5c1e1f60",
                        "attributes": {
                            "assign_ipv6_address_on_creation": "false",
                            "availability_zone": "us-east-1e",
                            "cidr_block": "10.123.124.0/25",
                            "id": "subnet-5c1e1f60",
                            "map_public_ip_on_launch": "false",
                            "tags.%": "6",
                            "tags.KubernetesCluster": "us-east-1_jive-data-prod",
                            "tags.Name": "prod-public-subnet",
                            "tags.account_name": "jive-data-prod",
                            "tags.pipeline_phase": "prod",
                            "tags.region": "us-east-1",
                            "tags.sla": "prod",
                            "vpc_id": "vpc-4da13e34"
                        },
                        "meta": {
                            "schema_version": "1"
                        },
                        "tainted": false
                    },
                    "deposed": [],
                    "provider": ""
                },
                "aws_vpc.main": {
                    "type": "aws_vpc",
                    "depends_on": [],
                    "primary": {
                        "id": "vpc-4da13e34",
                        "attributes": {
                            "assign_generated_ipv6_cidr_block": "false",
                            "cidr_block": "10.123.112.0/20",
                            "default_network_acl_id": "acl-6566671c",
                            "default_route_table_id": "rtb-71426f09",
                            "default_security_group_id": "sg-922761e3",
                            "dhcp_options_id": "dopt-2ee6c44b",
                            "enable_classiclink": "false",
                            "enable_dns_hostnames": "true",
                            "enable_dns_support": "true",
                            "id": "vpc-4da13e34",
                            "instance_tenancy": "default",
                            "main_route_table_id": "rtb-71426f09",
                            "tags.%": "5",
                            "tags.Name": "prod-vpc",
                            "tags.account_name": "jive-data-prod",
                            "tags.pipeline_phase": "prod",
                            "tags.region": "us-east-1",
                            "tags.sla": "prod"
                        },
                        "meta": {
                            "schema_version": "1"
                        },
                        "tainted": false
                    },
                    "deposed": [],
                    "provider": ""
                },
                "aws_vpc_peering_connection.infra": {
                    "type": "aws_vpc_peering_connection",
                    "depends_on": [
                        "aws_vpc.main"
                    ],
                    "primary": {
                        "id": "pcx-c87707a1",
                        "attributes": {
                            "accept_status": "active",
                            "accepter.#": "1",
                            "accepter.3244290774.allow_classic_link_to_remote_vpc": "false",
                            "accepter.3244290774.allow_remote_vpc_dns_resolution": "false",
                            "accepter.3244290774.allow_vpc_to_remote_classic_link": "false",
                            "auto_accept": "true",
                            "id": "pcx-c87707a1",
                            "peer_owner_id": "467524913882",
                            "peer_vpc_id": "vpc-13a13e6a",
                            "requester.#": "1",
                            "requester.3244290774.allow_classic_link_to_remote_vpc": "false",
                            "requester.3244290774.allow_remote_vpc_dns_resolution": "false",
                            "requester.3244290774.allow_vpc_to_remote_classic_link": "false",
                            "tags.%": "5",
                            "tags.Name": "prod_to_infra-jive-data-prod",
                            "tags.account_name": "jive-data-prod",
                            "tags.pipeline_phase": "prod",
                            "tags.region": "us-east-1",
                            "tags.sla": "prod",
                            "vpc_id": "vpc-4da13e34"
                        },
                        "meta": {},
                        "tainted": false
                    },
                    "deposed": [],
                    "provider": ""
                },
                "aws_vpn_gateway.vgw": {
                    "type": "aws_vpn_gateway",
                    "depends_on": [
                        "aws_vpc.main"
                    ],
                    "primary": {
                        "id": "vgw-5d896234",
                        "attributes": {
                            "id": "vgw-5d896234",
                            "tags.%": "7",
                            "tags.Name": "prod-vgw",
                            "tags.account_name": "jive-data-prod",
                            "tags.jive_service": "infrastructure",
                            "tags.pipeline_phase": "prod",
                            "tags.region": "us-east-1",
                            "tags.service_component": "vpn_gateway",
                            "tags.sla": "prod",
                            "vpc_id": "vpc-4da13e34"
                        },
                        "meta": {},
                        "tainted": false
                    },
                    "deposed": [],
                    "provider": ""
                },
                "data.aws_security_group.bastion": {
                    "type": "aws_security_group",
                    "depends_on": [],
                    "primary": {
                        "id": "sg-e4094f95",
                        "attributes": {
                            "filter.#": "1",
                            "filter.1988431066.name": "tag:jive_service",
                            "filter.1988431066.values.#": "1",
                            "filter.1988431066.values.2480389212": "infrastructure",
                            "id": "sg-e4094f95",
                            "name": "infra-prod-jive-phx-dc",
                            "tags.%": "6",
                            "tags.Name": "infra-prod-jive-phx-dc",
                            "tags.account_name": "jive-data-prod",
                            "tags.jive_service": "infrastructure",
                            "tags.pipeline_phase": "infra-prod",
                            "tags.region": "us-east-1",
                            "tags.sla": "prod",
                            "vpc_id": "vpc-13a13e6a"
                        },
                        "meta": {},
                        "tainted": false
                    },
                    "deposed": [],
                    "provider": ""
                }
            },
            "depends_on": []
        }
    ]
}
