{
    "version": 3,
    "terraform_version": "0.9.2",
    "serial": 4,
    "lineage": "2e132466-38b4-479e-bb92-750dac052254",
    "modules": [
        {
            "path": [
                "root"
            ],
            "outputs": {},
            "resources": {
                "aws_eip.natgw.0": {
                    "type": "aws_eip",
                    "depends_on": [],
                    "primary": {
                        "id": "eipalloc-5c597a3b",
                        "attributes": {
                            "association_id": "eipassoc-05ee0d7f",
                            "domain": "vpc",
                            "id": "eipalloc-5c597a3b",
                            "instance": "",
                            "network_interface": "eni-f34dd2b0",
                            "private_ip": "10.127.20.119",
                            "public_ip": "35.166.92.176",
                            "vpc": "true"
                        },
                        "meta": {},
                        "tainted": false
                    },
                    "deposed": [],
                    "provider": ""
                },
                "aws_eip.natgw.1": {
                    "type": "aws_eip",
                    "depends_on": [],
                    "primary": {
                        "id": "eipalloc-a48cec9e",
                        "attributes": {
                            "association_id": "",
                            "domain": "vpc",
                            "id": "eipalloc-a48cec9e",
                            "instance": "",
                            "network_interface": "",
                            "private_ip": "",
                            "public_ip": "34.209.205.202",
                            "vpc": "true"
                        },
                        "meta": {},
                        "tainted": false
                    },
                    "deposed": [],
                    "provider": ""
                },
                "aws_eip.natgw.2": {
                    "type": "aws_eip",
                    "depends_on": [],
                    "primary": {
                        "id": "eipalloc-268eee1c",
                        "attributes": {
                            "association_id": "",
                            "domain": "vpc",
                            "id": "eipalloc-268eee1c",
                            "instance": "",
                            "network_interface": "",
                            "private_ip": "",
                            "public_ip": "54.70.198.135",
                            "vpc": "true"
                        },
                        "meta": {},
                        "tainted": false
                    },
                    "deposed": [],
                    "provider": ""
                },
                "aws_internet_gateway.igw": {
                    "type": "aws_internet_gateway",
                    "depends_on": [
                        "aws_vpc.main"
                    ],
                    "primary": {
                        "id": "igw-52692936",
                        "attributes": {
                            "id": "igw-52692936",
                            "tags.%": "5",
                            "tags.Name": "pipeline-bauron-igw",
                            "tags.account_name": "jive-infra-pipeline",
                            "tags.pipeline_phase": "pipeline-bauron",
                            "tags.region": "us-west-2",
                            "tags.sla": "non-prod",
                            "vpc_id": "vpc-f12a9996"
                        },
                        "meta": {},
                        "tainted": false
                    },
                    "deposed": [],
                    "provider": ""
                },
                "aws_nat_gateway.natgw.0": {
                    "type": "aws_nat_gateway",
                    "depends_on": [
                        "aws_eip.natgw.*",
                        "aws_internet_gateway.igw",
                        "aws_subnet.public.*"
                    ],
                    "primary": {
                        "id": "nat-07150685373484a4a",
                        "attributes": {
                            "allocation_id": "eipalloc-5c597a3b",
                            "id": "nat-07150685373484a4a",
                            "network_interface_id": "eni-0023ca3d",
                            "private_ip": "10.127.20.123",
                            "public_ip": "35.166.92.176",
                            "subnet_id": "subnet-1c03e855"
                        },
                        "meta": {},
                        "tainted": false
                    },
                    "deposed": [],
                    "provider": ""
                },
                "aws_nat_gateway.natgw.1": {
                    "type": "aws_nat_gateway",
                    "depends_on": [
                        "aws_eip.natgw.*",
                        "aws_internet_gateway.igw",
                        "aws_subnet.public.*"
                    ],
                    "primary": {
                        "id": "nat-04f8bbfd60dae4e63",
                        "attributes": {
                            "allocation_id": "eipalloc-a48cec9e",
                            "id": "nat-04f8bbfd60dae4e63",
                            "network_interface_id": "eni-a4975f8f",
                            "private_ip": "10.127.20.138",
                            "public_ip": "34.209.205.202",
                            "subnet_id": "subnet-37449550"
                        },
                        "meta": {},
                        "tainted": false
                    },
                    "deposed": [],
                    "provider": ""
                },
                "aws_nat_gateway.natgw.2": {
                    "type": "aws_nat_gateway",
                    "depends_on": [
                        "aws_eip.natgw.*",
                        "aws_internet_gateway.igw",
                        "aws_subnet.public.*"
                    ],
                    "primary": {
                        "id": "nat-041af93923b030a4d",
                        "attributes": {
                            "allocation_id": "eipalloc-268eee1c",
                            "id": "nat-041af93923b030a4d",
                            "network_interface_id": "eni-3acde736",
                            "private_ip": "10.127.20.181",
                            "public_ip": "54.70.198.135",
                            "subnet_id": "subnet-53ce930b"
                        },
                        "meta": {},
                        "tainted": false
                    },
                    "deposed": [],
                    "provider": ""
                },
                "aws_route.infra_natdc.0": {
                    "type": "aws_route",
                    "depends_on": [
                        "aws_vpc_peering_connection.infra"
                    ],
                    "primary": {
                        "id": "r-rtb-5ac9f93e2027706721",
                        "attributes": {
                            "destination_cidr_block": "10.127.20.0/24",
                            "destination_prefix_list_id": "",
                            "egress_only_gateway_id": "",
                            "gateway_id": "",
                            "id": "r-rtb-5ac9f93e2027706721",
                            "instance_id": "",
                            "instance_owner_id": "",
                            "nat_gateway_id": "",
                            "network_interface_id": "",
                            "origin": "CreateRoute",
                            "route_table_id": "rtb-5ac9f93e",
                            "state": "active",
                            "vpc_peering_connection_id": "pcx-7dfa7c14"
                        },
                        "meta": {},
                        "tainted": false
                    },
                    "deposed": [],
                    "provider": ""
                },
                "aws_route.infra_natdc.1": {
                    "type": "aws_route",
                    "depends_on": [
                        "aws_vpc_peering_connection.infra"
                    ],
                    "primary": {
                        "id": "r-rtb-c09155a62027706721",
                        "attributes": {
                            "destination_cidr_block": "10.127.20.0/24",
                            "destination_prefix_list_id": "",
                            "egress_only_gateway_id": "",
                            "gateway_id": "",
                            "id": "r-rtb-c09155a62027706721",
                            "instance_id": "",
                            "instance_owner_id": "",
                            "nat_gateway_id": "",
                            "network_interface_id": "",
                            "origin": "CreateRoute",
                            "route_table_id": "rtb-c09155a6",
                            "state": "active",
                            "vpc_peering_connection_id": "pcx-7dfa7c14"
                        },
                        "meta": {},
                        "tainted": false
                    },
                    "deposed": [],
                    "provider": ""
                },
                "aws_route.infra_natdc.2": {
                    "type": "aws_route",
                    "depends_on": [
                        "aws_vpc_peering_connection.infra"
                    ],
                    "primary": {
                        "id": "r-rtb-0c92566a2027706721",
                        "attributes": {
                            "destination_cidr_block": "10.127.20.0/24",
                            "destination_prefix_list_id": "",
                            "egress_only_gateway_id": "",
                            "gateway_id": "",
                            "id": "r-rtb-0c92566a2027706721",
                            "instance_id": "",
                            "instance_owner_id": "",
                            "nat_gateway_id": "",
                            "network_interface_id": "",
                            "origin": "CreateRoute",
                            "route_table_id": "rtb-0c92566a",
                            "state": "active",
                            "vpc_peering_connection_id": "pcx-7dfa7c14"
                        },
                        "meta": {},
                        "tainted": false
                    },
                    "deposed": [],
                    "provider": ""
                },
                "aws_route.infra_private": {
                    "type": "aws_route",
                    "depends_on": [
                        "aws_vpc_peering_connection.infra"
                    ],
                    "primary": {
                        "id": "r-rtb-13c8f8772027706721",
                        "attributes": {
                            "destination_cidr_block": "10.127.20.0/24",
                            "destination_prefix_list_id": "",
                            "egress_only_gateway_id": "",
                            "gateway_id": "",
                            "id": "r-rtb-13c8f8772027706721",
                            "instance_id": "",
                            "instance_owner_id": "",
                            "nat_gateway_id": "",
                            "network_interface_id": "",
                            "origin": "CreateRoute",
                            "route_table_id": "rtb-13c8f877",
                            "state": "active",
                            "vpc_peering_connection_id": "pcx-7dfa7c14"
                        },
                        "meta": {},
                        "tainted": false
                    },
                    "deposed": [],
                    "provider": ""
                },
                "aws_route.infra_public": {
                    "type": "aws_route",
                    "depends_on": [
                        "aws_vpc_peering_connection.infra"
                    ],
                    "primary": {
                        "id": "r-rtb-1ec8f87a2027706721",
                        "attributes": {
                            "destination_cidr_block": "10.127.20.0/24",
                            "destination_prefix_list_id": "",
                            "egress_only_gateway_id": "",
                            "gateway_id": "",
                            "id": "r-rtb-1ec8f87a2027706721",
                            "instance_id": "",
                            "instance_owner_id": "",
                            "nat_gateway_id": "",
                            "network_interface_id": "",
                            "origin": "CreateRoute",
                            "route_table_id": "rtb-1ec8f87a",
                            "state": "active",
                            "vpc_peering_connection_id": "pcx-7dfa7c14"
                        },
                        "meta": {},
                        "tainted": false
                    },
                    "deposed": [],
                    "provider": ""
                },
                "aws_route53_zone_association.route53": {
                    "type": "aws_route53_zone_association",
                    "depends_on": [
                        "aws_vpc.main"
                    ],
                    "primary": {
                        "id": "Z3EI1CWJSFIPAM:vpc-f12a9996",
                        "attributes": {
                            "id": "Z3EI1CWJSFIPAM:vpc-f12a9996",
                            "vpc_id": "vpc-f12a9996",
                            "vpc_region": "us-west-2",
                            "zone_id": "Z3EI1CWJSFIPAM"
                        },
                        "meta": {},
                        "tainted": false
                    },
                    "deposed": [],
                    "provider": ""
                },
                "aws_route_table.natdc.0": {
                    "type": "aws_route_table",
                    "depends_on": [
                        "aws_nat_gateway.natgw.*",
                        "aws_vpc.main",
                        "aws_vpc_peering_connection.infra",
                        "aws_vpn_gateway.vgw"
                    ],
                    "primary": {
                        "id": "rtb-b3ca84d4",
                        "attributes": {
                            "id": "rtb-b3ca84d4",
                            "propagating_vgws.#": "1",
                            "propagating_vgws.2646865085": "vgw-9310c88d",
                            "route.#": "1",
                            "route.2995529467.cidr_block": "0.0.0.0/0",
                            "route.2995529467.egress_only_gateway_id": "",
                            "route.2995529467.gateway_id": "",
                            "route.2995529467.instance_id": "",
                            "route.2995529467.ipv6_cidr_block": "",
                            "route.2995529467.nat_gateway_id": "nat-07150685373484a4a",
                            "route.2995529467.network_interface_id": "",
                            "route.2995529467.vpc_peering_connection_id": "",
                            "tags.%": "5",
                            "tags.Name": "pipeline-bauron-natdc-routetable",
                            "tags.account_name": "jive-infra-pipeline",
                            "tags.pipeline_phase": "pipeline-bauron",
                            "tags.region": "us-west-2",
                            "tags.sla": "non-prod",
                            "vpc_id": "vpc-f12a9996"
                        },
                        "meta": {},
                        "tainted": false
                    },
                    "deposed": [],
                    "provider": ""
                },
                "aws_route_table.natdc.1": {
                    "type": "aws_route_table",
                    "depends_on": [
                        "aws_nat_gateway.natgw.*",
                        "aws_vpc.main",
                        "aws_vpc_peering_connection.infra",
                        "aws_vpn_gateway.vgw"
                    ],
                    "primary": {
                        "id": "rtb-d4a102b2",
                        "attributes": {
                            "id": "rtb-d4a102b2",
                            "propagating_vgws.#": "1",
                            "propagating_vgws.2646865085": "vgw-9310c88d",
                            "route.#": "2",
                            "route.2568483376.cidr_block": "0.0.0.0/0",
                            "route.2568483376.egress_only_gateway_id": "",
                            "route.2568483376.gateway_id": "",
                            "route.2568483376.instance_id": "",
                            "route.2568483376.ipv6_cidr_block": "",
                            "route.2568483376.nat_gateway_id": "nat-04f8bbfd60dae4e63",
                            "route.2568483376.network_interface_id": "",
                            "route.2568483376.vpc_peering_connection_id": "",
                            "route.788316625.cidr_block": "10.127.63.7/32",
                            "route.788316625.egress_only_gateway_id": "",
                            "route.788316625.gateway_id": "",
                            "route.788316625.instance_id": "",
                            "route.788316625.ipv6_cidr_block": "",
                            "route.788316625.nat_gateway_id": "",
                            "route.788316625.network_interface_id": "",
                            "route.788316625.vpc_peering_connection_id": "pcx-7dfa7c14",
                            "tags.%": "5",
                            "tags.Name": "pipeline-bauron-natdc-routetable",
                            "tags.account_name": "jive-infra-pipeline",
                            "tags.pipeline_phase": "pipeline-bauron",
                            "tags.region": "us-west-2",
                            "tags.sla": "non-prod",
                            "vpc_id": "vpc-f12a9996"
                        },
                        "meta": {},
                        "tainted": false
                    },
                    "deposed": [],
                    "provider": ""
                },
                "aws_route_table.natdc.2": {
                    "type": "aws_route_table",
                    "depends_on": [
                        "aws_nat_gateway.natgw.*",
                        "aws_vpc.main",
                        "aws_vpc_peering_connection.infra",
                        "aws_vpn_gateway.vgw"
                    ],
                    "primary": {
                        "id": "rtb-0ea60568",
                        "attributes": {
                            "id": "rtb-0ea60568",
                            "propagating_vgws.#": "1",
                            "propagating_vgws.2646865085": "vgw-9310c88d",
                            "route.#": "2",
                            "route.2361053439.cidr_block": "0.0.0.0/0",
                            "route.2361053439.egress_only_gateway_id": "",
                            "route.2361053439.gateway_id": "",
                            "route.2361053439.instance_id": "",
                            "route.2361053439.ipv6_cidr_block": "",
                            "route.2361053439.nat_gateway_id": "nat-041af93923b030a4d",
                            "route.2361053439.network_interface_id": "",
                            "route.2361053439.vpc_peering_connection_id": "",
                            "route.788316625.cidr_block": "10.127.63.7/32",
                            "route.788316625.egress_only_gateway_id": "",
                            "route.788316625.gateway_id": "",
                            "route.788316625.instance_id": "",
                            "route.788316625.ipv6_cidr_block": "",
                            "route.788316625.nat_gateway_id": "",
                            "route.788316625.network_interface_id": "",
                            "route.788316625.vpc_peering_connection_id": "pcx-7dfa7c14",
                            "tags.%": "5",
                            "tags.Name": "pipeline-bauron-natdc-routetable",
                            "tags.account_name": "jive-infra-pipeline",
                            "tags.pipeline_phase": "pipeline-bauron",
                            "tags.region": "us-west-2",
                            "tags.sla": "non-prod",
                            "vpc_id": "vpc-f12a9996"
                        },
                        "meta": {},
                        "tainted": false
                    },
                    "deposed": [],
                    "provider": ""
                },
                "aws_route_table.private": {
                    "type": "aws_route_table",
                    "depends_on": [
                        "aws_vpc.main",
                        "aws_vpc_peering_connection.infra"
                    ],
                    "primary": {
                        "id": "rtb-1aca847d",
                        "attributes": {
                            "id": "rtb-1aca847d",
                            "propagating_vgws.#": "0",
                            "route.#": "1",
                            "route.788316625.cidr_block": "10.127.63.7/32",
                            "route.788316625.egress_only_gateway_id": "",
                            "route.788316625.gateway_id": "",
                            "route.788316625.instance_id": "",
                            "route.788316625.ipv6_cidr_block": "",
                            "route.788316625.nat_gateway_id": "",
                            "route.788316625.network_interface_id": "",
                            "route.788316625.vpc_peering_connection_id": "pcx-7dfa7c14",
                            "tags.%": "5",
                            "tags.Name": "pipeline-bauron-private-routetable",
                            "tags.account_name": "jive-infra-pipeline",
                            "tags.pipeline_phase": "pipeline-bauron",
                            "tags.region": "us-west-2",
                            "tags.sla": "non-prod",
                            "vpc_id": "vpc-f12a9996"
                        },
                        "meta": {},
                        "tainted": false
                    },
                    "deposed": [],
                    "provider": ""
                },
                "aws_route_table.public": {
                    "type": "aws_route_table",
                    "depends_on": [
                        "aws_internet_gateway.igw",
                        "aws_vpc.main",
                        "aws_vpc_peering_connection.infra"
                    ],
                    "primary": {
                        "id": "rtb-1bca847c",
                        "attributes": {
                            "id": "rtb-1bca847c",
                            "propagating_vgws.#": "0",
                            "route.#": "2",
                            "route.1410814064.cidr_block": "0.0.0.0/0",
                            "route.1410814064.egress_only_gateway_id": "",
                            "route.1410814064.gateway_id": "igw-52692936",
                            "route.1410814064.instance_id": "",
                            "route.1410814064.ipv6_cidr_block": "",
                            "route.1410814064.nat_gateway_id": "",
                            "route.1410814064.network_interface_id": "",
                            "route.1410814064.vpc_peering_connection_id": "",
                            "route.788316625.cidr_block": "10.127.63.7/32",
                            "route.788316625.egress_only_gateway_id": "",
                            "route.788316625.gateway_id": "",
                            "route.788316625.instance_id": "",
                            "route.788316625.ipv6_cidr_block": "",
                            "route.788316625.nat_gateway_id": "",
                            "route.788316625.network_interface_id": "",
                            "route.788316625.vpc_peering_connection_id": "pcx-7dfa7c14",
                            "tags.%": "6",
                            "tags.KubernetesCluster": "us-west-2_jive-infra-pipeline-bauron",
                            "tags.Name": "pipeline-bauron-public-routetable",
                            "tags.account_name": "jive-infra-pipeline",
                            "tags.pipeline_phase": "pipeline-bauron",
                            "tags.region": "us-west-2",
                            "tags.sla": "non-prod",
                            "vpc_id": "vpc-f12a9996"
                        },
                        "meta": {},
                        "tainted": false
                    },
                    "deposed": [],
                    "provider": ""
                },
                "aws_route_table_association.natdc.0": {
                    "type": "aws_route_table_association",
                    "depends_on": [
                        "aws_route_table.natdc.*",
                        "aws_subnet.natdc.*"
                    ],
                    "primary": {
                        "id": "rtbassoc-8b76aef2",
                        "attributes": {
                            "id": "rtbassoc-8b76aef2",
                            "route_table_id": "rtb-b3ca84d4",
                            "subnet_id": "subnet-1e03e857"
                        },
                        "meta": {},
                        "tainted": false
                    },
                    "deposed": [],
                    "provider": ""
                },
                "aws_route_table_association.natdc.1": {
                    "type": "aws_route_table_association",
                    "depends_on": [
                        "aws_route_table.natdc.*",
                        "aws_subnet.natdc.*"
                    ],
                    "primary": {
                        "id": "rtbassoc-c977afb0",
                        "attributes": {
                            "id": "rtbassoc-c977afb0",
                            "route_table_id": "rtb-d4a102b2",
                            "subnet_id": "subnet-34449553"
                        },
                        "meta": {},
                        "tainted": false
                    },
                    "deposed": [],
                    "provider": ""
                },
                "aws_route_table_association.natdc.2": {
                    "type": "aws_route_table_association",
                    "depends_on": [
                        "aws_route_table.natdc.*",
                        "aws_subnet.natdc.*"
                    ],
                    "primary": {
                        "id": "rtbassoc-6872aa11",
                        "attributes": {
                            "id": "rtbassoc-6872aa11",
                            "route_table_id": "rtb-0ea60568",
                            "subnet_id": "subnet-54ce930c"
                        },
                        "meta": {},
                        "tainted": false
                    },
                    "deposed": [],
                    "provider": ""
                },
                "aws_route_table_association.private.0": {
                    "type": "aws_route_table_association",
                    "depends_on": [
                        "aws_route_table.private",
                        "aws_subnet.private"
                    ],
                    "primary": {
                        "id": "rtbassoc-13148375",
                        "attributes": {
                            "id": "rtbassoc-13148375",
                            "route_table_id": "rtb-1aca847d",
                            "subnet_id": "subnet-1d03e854"
                        },
                        "meta": {},
                        "tainted": false
                    },
                    "deposed": [],
                    "provider": ""
                },
                "aws_route_table_association.private.1": {
                    "type": "aws_route_table_association",
                    "depends_on": [
                        "aws_route_table.private",
                        "aws_subnet.private"
                    ],
                    "primary": {
                        "id": "rtbassoc-1f148379",
                        "attributes": {
                            "id": "rtbassoc-1f148379",
                            "route_table_id": "rtb-1aca847d",
                            "subnet_id": "subnet-36449551"
                        },
                        "meta": {},
                        "tainted": false
                    },
                    "deposed": [],
                    "provider": ""
                },
                "aws_route_table_association.private.2": {
                    "type": "aws_route_table_association",
                    "depends_on": [
                        "aws_route_table.private",
                        "aws_subnet.private"
                    ],
                    "primary": {
                        "id": "rtbassoc-12148374",
                        "attributes": {
                            "id": "rtbassoc-12148374",
                            "route_table_id": "rtb-1aca847d",
                            "subnet_id": "subnet-52ce930a"
                        },
                        "meta": {},
                        "tainted": false
                    },
                    "deposed": [],
                    "provider": ""
                },
                "aws_route_table_association.public.0": {
                    "type": "aws_route_table_association",
                    "depends_on": [
                        "aws_route_table.public",
                        "aws_subnet.public"
                    ],
                    "primary": {
                        "id": "rtbassoc-1e148378",
                        "attributes": {
                            "id": "rtbassoc-1e148378",
                            "route_table_id": "rtb-1bca847c",
                            "subnet_id": "subnet-1c03e855"
                        },
                        "meta": {},
                        "tainted": false
                    },
                    "deposed": [],
                    "provider": ""
                },
                "aws_route_table_association.public.1": {
                    "type": "aws_route_table_association",
                    "depends_on": [
                        "aws_route_table.public",
                        "aws_subnet.public"
                    ],
                    "primary": {
                        "id": "rtbassoc-10148376",
                        "attributes": {
                            "id": "rtbassoc-10148376",
                            "route_table_id": "rtb-1bca847c",
                            "subnet_id": "subnet-37449550"
                        },
                        "meta": {},
                        "tainted": false
                    },
                    "deposed": [],
                    "provider": ""
                },
                "aws_route_table_association.public.2": {
                    "type": "aws_route_table_association",
                    "depends_on": [
                        "aws_route_table.public",
                        "aws_subnet.public"
                    ],
                    "primary": {
                        "id": "rtbassoc-11148377",
                        "attributes": {
                            "id": "rtbassoc-11148377",
                            "route_table_id": "rtb-1bca847c",
                            "subnet_id": "subnet-53ce930b"
                        },
                        "meta": {},
                        "tainted": false
                    },
                    "deposed": [],
                    "provider": ""
                },
                "aws_security_group.admin_instance": {
                    "type": "aws_security_group",
                    "depends_on": [
                        "aws_vpc.main"
                    ],
                    "primary": {
                        "id": "sg-a314c9db",
                        "attributes": {
                            "description": "Admin instances for the VPC",
                            "egress.#": "0",
                            "id": "sg-a314c9db",
                            "ingress.#": "0",
                            "name": "pipeline-bauron-admin-instance",
                            "owner_id": "517449413234",
                            "tags.%": "5",
                            "tags.Name": "pipeline-bauron-admin-instance",
                            "tags.account_name": "jive-infra-pipeline",
                            "tags.pipeline_phase": "pipeline-bauron",
                            "tags.region": "us-west-2",
                            "tags.sla": "non-prod",
                            "vpc_id": "vpc-f12a9996"
                        },
                        "meta": {},
                        "tainted": false
                    },
                    "deposed": [],
                    "provider": ""
                },
                "aws_security_group.env_instance": {
                    "type": "aws_security_group",
                    "depends_on": [
                        "aws_security_group.admin_instance",
                        "aws_vpc.main"
                    ],
                    "primary": {
                        "id": "sg-a614c9de",
                        "attributes": {
                            "description": "All instances within the evironment",
                            "egress.#": "1",
                            "egress.482069346.cidr_blocks.#": "1",
                            "egress.482069346.cidr_blocks.0": "0.0.0.0/0",
                            "egress.482069346.from_port": "0",
                            "egress.482069346.ipv6_cidr_blocks.#": "0",
                            "egress.482069346.prefix_list_ids.#": "0",
                            "egress.482069346.protocol": "-1",
                            "egress.482069346.security_groups.#": "0",
                            "egress.482069346.self": "false",
                            "egress.482069346.to_port": "0",
                            "id": "sg-a614c9de",
                            "ingress.#": "4",
                            "ingress.1772130932.cidr_blocks.#": "0",
                            "ingress.1772130932.from_port": "22",
                            "ingress.1772130932.ipv6_cidr_blocks.#": "0",
                            "ingress.1772130932.protocol": "tcp",
                            "ingress.1772130932.security_groups.#": "1",
                            "ingress.1772130932.security_groups.4069196386": "sg-a314c9db",
                            "ingress.1772130932.self": "false",
                            "ingress.1772130932.to_port": "22",
                            "ingress.179083333.cidr_blocks.#": "1",
                            "ingress.179083333.cidr_blocks.0": "10.0.0.0/8",
                            "ingress.179083333.from_port": "22",
                            "ingress.179083333.ipv6_cidr_blocks.#": "0",
                            "ingress.179083333.protocol": "tcp",
                            "ingress.179083333.security_groups.#": "0",
                            "ingress.179083333.self": "false",
                            "ingress.179083333.to_port": "22",
                            "ingress.3280021429.cidr_blocks.#": "1",
                            "ingress.3280021429.cidr_blocks.0": "10.0.0.0/8",
                            "ingress.3280021429.from_port": "8",
                            "ingress.3280021429.ipv6_cidr_blocks.#": "0",
                            "ingress.3280021429.protocol": "icmp",
                            "ingress.3280021429.security_groups.#": "0",
                            "ingress.3280021429.self": "false",
                            "ingress.3280021429.to_port": "0",
                            "ingress.3570683351.cidr_blocks.#": "0",
                            "ingress.3570683351.from_port": "8",
                            "ingress.3570683351.ipv6_cidr_blocks.#": "0",
                            "ingress.3570683351.protocol": "icmp",
                            "ingress.3570683351.security_groups.#": "1",
                            "ingress.3570683351.security_groups.4069196386": "sg-a314c9db",
                            "ingress.3570683351.self": "false",
                            "ingress.3570683351.to_port": "0",
                            "name": "pipeline-bauron-instance",
                            "owner_id": "517449413234",
                            "tags.%": "5",
                            "tags.Name": "pipeline-bauron-instance",
                            "tags.account_name": "jive-infra-pipeline",
                            "tags.pipeline_phase": "pipeline-bauron",
                            "tags.region": "us-west-2",
                            "tags.sla": "non-prod",
                            "vpc_id": "vpc-f12a9996"
                        },
                        "meta": {},
                        "tainted": false
                    },
                    "deposed": [],
                    "provider": ""
                },
                "aws_security_group.natgw_instance": {
                    "type": "aws_security_group",
                    "depends_on": [
                        "aws_security_group.env_instance",
                        "aws_vpc.main"
                    ],
                    "primary": {
                        "id": "sg-9914c9e1",
                        "attributes": {
                            "description": "Members of this SG are allowed to send any type of traffic to the NAT Box.",
                            "egress.#": "0",
                            "id": "sg-9914c9e1",
                            "ingress.#": "1",
                            "ingress.760918033.cidr_blocks.#": "0",
                            "ingress.760918033.from_port": "0",
                            "ingress.760918033.ipv6_cidr_blocks.#": "0",
                            "ingress.760918033.protocol": "-1",
                            "ingress.760918033.security_groups.#": "1",
                            "ingress.760918033.security_groups.1054324838": "sg-a614c9de",
                            "ingress.760918033.self": "false",
                            "ingress.760918033.to_port": "0",
                            "name": "pipeline-bauron-natgw-instance",
                            "owner_id": "517449413234",
                            "tags.%": "5",
                            "tags.Name": "pipeline-bauron-natgw-instance",
                            "tags.account_name": "jive-infra-pipeline",
                            "tags.pipeline_phase": "pipeline-bauron",
                            "tags.region": "us-west-2",
                            "tags.sla": "non-prod",
                            "vpc_id": "vpc-f12a9996"
                        },
                        "meta": {},
                        "tainted": false
                    },
                    "deposed": [],
                    "provider": ""
                },
                "aws_subnet.natdc.0": {
                    "type": "aws_subnet",
                    "depends_on": [
                        "aws_vpc.main"
                    ],
                    "primary": {
                        "id": "subnet-1e03e857",
                        "attributes": {
                            "assign_ipv6_address_on_creation": "false",
                            "availability_zone": "us-west-2a",
                            "cidr_block": "10.127.20.0/27",
                            "id": "subnet-1e03e857",
                            "map_public_ip_on_launch": "false",
                            "tags.%": "7",
                            "tags.KubernetesCluster": "us-west-2_jive-infra-pipeline-bauron",
                            "tags.Name": "pipeline-bauron-natdc-subnet",
                            "tags.account_name": "jive-infra-pipeline",
                            "tags.kubernetes.io/role/internal-elb": "us-west-2_jive-infra-pipeline-bauron",
                            "tags.pipeline_phase": "pipeline-bauron",
                            "tags.region": "us-west-2",
                            "tags.sla": "non-prod",
                            "vpc_id": "vpc-f12a9996"
                        },
                        "meta": {},
                        "tainted": false
                    },
                    "deposed": [],
                    "provider": ""
                },
                "aws_subnet.natdc.1": {
                    "type": "aws_subnet",
                    "depends_on": [
                        "aws_vpc.main"
                    ],
                    "primary": {
                        "id": "subnet-34449553",
                        "attributes": {
                            "assign_ipv6_address_on_creation": "false",
                            "availability_zone": "us-west-2b",
                            "cidr_block": "10.127.20.32/27",
                            "id": "subnet-34449553",
                            "map_public_ip_on_launch": "false",
                            "tags.%": "7",
                            "tags.KubernetesCluster": "us-west-2_jive-infra-pipeline-bauron",
                            "tags.Name": "pipeline-bauron-natdc-subnet",
                            "tags.account_name": "jive-infra-pipeline",
                            "tags.kubernetes.io/role/internal-elb": "us-west-2_jive-infra-pipeline-bauron",
                            "tags.pipeline_phase": "pipeline-bauron",
                            "tags.region": "us-west-2",
                            "tags.sla": "non-prod",
                            "vpc_id": "vpc-f12a9996"
                        },
                        "meta": {},
                        "tainted": false
                    },
                    "deposed": [],
                    "provider": ""
                },
                "aws_subnet.natdc.2": {
                    "type": "aws_subnet",
                    "depends_on": [
                        "aws_vpc.main"
                    ],
                    "primary": {
                        "id": "subnet-54ce930c",
                        "attributes": {
                            "assign_ipv6_address_on_creation": "false",
                            "availability_zone": "us-west-2c",
                            "cidr_block": "10.127.20.64/27",
                            "id": "subnet-54ce930c",
                            "map_public_ip_on_launch": "false",
                            "tags.%": "7",
                            "tags.KubernetesCluster": "us-west-2_jive-infra-pipeline-bauron",
                            "tags.Name": "pipeline-bauron-natdc-subnet",
                            "tags.account_name": "jive-infra-pipeline",
                            "tags.kubernetes.io/role/internal-elb": "us-west-2_jive-infra-pipeline-bauron",
                            "tags.pipeline_phase": "pipeline-bauron",
                            "tags.region": "us-west-2",
                            "tags.sla": "non-prod",
                            "vpc_id": "vpc-f12a9996"
                        },
                        "meta": {},
                        "tainted": false
                    },
                    "deposed": [],
                    "provider": ""
                },
                "aws_subnet.private.0": {
                    "type": "aws_subnet",
                    "depends_on": [
                        "aws_vpc.main"
                    ],
                    "primary": {
                        "id": "subnet-1d03e854",
                        "attributes": {
                            "assign_ipv6_address_on_creation": "false",
                            "availability_zone": "us-west-2a",
                            "cidr_block": "10.127.20.192/28",
                            "id": "subnet-1d03e854",
                            "map_public_ip_on_launch": "false",
                            "tags.%": "5",
                            "tags.Name": "pipeline-bauron-private-subnet",
                            "tags.account_name": "jive-infra-pipeline",
                            "tags.pipeline_phase": "pipeline-bauron",
                            "tags.region": "us-west-2",
                            "tags.sla": "non-prod",
                            "vpc_id": "vpc-f12a9996"
                        },
                        "meta": {},
                        "tainted": false
                    },
                    "deposed": [],
                    "provider": ""
                },
                "aws_subnet.private.1": {
                    "type": "aws_subnet",
                    "depends_on": [
                        "aws_vpc.main"
                    ],
                    "primary": {
                        "id": "subnet-36449551",
                        "attributes": {
                            "assign_ipv6_address_on_creation": "false",
                            "availability_zone": "us-west-2b",
                            "cidr_block": "10.127.20.208/28",
                            "id": "subnet-36449551",
                            "map_public_ip_on_launch": "false",
                            "tags.%": "5",
                            "tags.Name": "pipeline-bauron-private-subnet",
                            "tags.account_name": "jive-infra-pipeline",
                            "tags.pipeline_phase": "pipeline-bauron",
                            "tags.region": "us-west-2",
                            "tags.sla": "non-prod",
                            "vpc_id": "vpc-f12a9996"
                        },
                        "meta": {},
                        "tainted": false
                    },
                    "deposed": [],
                    "provider": ""
                },
                "aws_subnet.private.2": {
                    "type": "aws_subnet",
                    "depends_on": [
                        "aws_vpc.main"
                    ],
                    "primary": {
                        "id": "subnet-52ce930a",
                        "attributes": {
                            "assign_ipv6_address_on_creation": "false",
                            "availability_zone": "us-west-2c",
                            "cidr_block": "10.127.20.224/28",
                            "id": "subnet-52ce930a",
                            "map_public_ip_on_launch": "false",
                            "tags.%": "5",
                            "tags.Name": "pipeline-bauron-private-subnet",
                            "tags.account_name": "jive-infra-pipeline",
                            "tags.pipeline_phase": "pipeline-bauron",
                            "tags.region": "us-west-2",
                            "tags.sla": "non-prod",
                            "vpc_id": "vpc-f12a9996"
                        },
                        "meta": {},
                        "tainted": false
                    },
                    "deposed": [],
                    "provider": ""
                },
                "aws_subnet.public.0": {
                    "type": "aws_subnet",
                    "depends_on": [
                        "aws_vpc.main"
                    ],
                    "primary": {
                        "id": "subnet-1c03e855",
                        "attributes": {
                            "assign_ipv6_address_on_creation": "false",
                            "availability_zone": "us-west-2a",
                            "cidr_block": "10.127.20.96/27",
                            "id": "subnet-1c03e855",
                            "map_public_ip_on_launch": "false",
                            "tags.%": "6",
                            "tags.KubernetesCluster": "us-west-2_jive-infra-pipeline-bauron",
                            "tags.Name": "pipeline-bauron-public-subnet",
                            "tags.account_name": "jive-infra-pipeline",
                            "tags.pipeline_phase": "pipeline-bauron",
                            "tags.region": "us-west-2",
                            "tags.sla": "non-prod",
                            "vpc_id": "vpc-f12a9996"
                        },
                        "meta": {},
                        "tainted": false
                    },
                    "deposed": [],
                    "provider": ""
                },
                "aws_subnet.public.1": {
                    "type": "aws_subnet",
                    "depends_on": [
                        "aws_vpc.main"
                    ],
                    "primary": {
                        "id": "subnet-37449550",
                        "attributes": {
                            "assign_ipv6_address_on_creation": "false",
                            "availability_zone": "us-west-2b",
                            "cidr_block": "10.127.20.128/27",
                            "id": "subnet-37449550",
                            "map_public_ip_on_launch": "false",
                            "tags.%": "6",
                            "tags.KubernetesCluster": "us-west-2_jive-infra-pipeline-bauron",
                            "tags.Name": "pipeline-bauron-public-subnet",
                            "tags.account_name": "jive-infra-pipeline",
                            "tags.pipeline_phase": "pipeline-bauron",
                            "tags.region": "us-west-2",
                            "tags.sla": "non-prod",
                            "vpc_id": "vpc-f12a9996"
                        },
                        "meta": {},
                        "tainted": false
                    },
                    "deposed": [],
                    "provider": ""
                },
                "aws_subnet.public.2": {
                    "type": "aws_subnet",
                    "depends_on": [
                        "aws_vpc.main"
                    ],
                    "primary": {
                        "id": "subnet-53ce930b",
                        "attributes": {
                            "assign_ipv6_address_on_creation": "false",
                            "availability_zone": "us-west-2c",
                            "cidr_block": "10.127.20.160/27",
                            "id": "subnet-53ce930b",
                            "map_public_ip_on_launch": "false",
                            "tags.%": "6",
                            "tags.KubernetesCluster": "us-west-2_jive-infra-pipeline-bauron",
                            "tags.Name": "pipeline-bauron-public-subnet",
                            "tags.account_name": "jive-infra-pipeline",
                            "tags.pipeline_phase": "pipeline-bauron",
                            "tags.region": "us-west-2",
                            "tags.sla": "non-prod",
                            "vpc_id": "vpc-f12a9996"
                        },
                        "meta": {},
                        "tainted": false
                    },
                    "deposed": [],
                    "provider": ""
                },
                "aws_vpc.main": {
                    "type": "aws_vpc",
                    "depends_on": [],
                    "primary": {
                        "id": "vpc-f12a9996",
                        "attributes": {
                            "assign_generated_ipv6_cidr_block": "false",
                            "cidr_block": "10.127.20.0/24",
                            "default_network_acl_id": "acl-b84523df",
                            "default_route_table_id": "rtb-1dca847a",
                            "default_security_group_id": "sg-a014c9d8",
                            "dhcp_options_id": "dopt-bcf914d8",
                            "enable_classiclink": "false",
                            "enable_dns_hostnames": "true",
                            "enable_dns_support": "true",
                            "id": "vpc-f12a9996",
                            "instance_tenancy": "default",
                            "main_route_table_id": "rtb-1dca847a",
                            "tags.%": "5",
                            "tags.Name": "pipeline-bauron-vpc",
                            "tags.account_name": "jive-infra-pipeline",
                            "tags.pipeline_phase": "pipeline-bauron",
                            "tags.region": "us-west-2",
                            "tags.sla": "non-prod"
                        },
                        "meta": {
                            "schema_version": "1"
                        },
                        "tainted": false
                    },
                    "deposed": [],
                    "provider": ""
                },
                "aws_vpc_peering_connection.infra": {
                    "type": "aws_vpc_peering_connection",
                    "depends_on": [
                        "aws_vpc.main"
                    ],
                    "primary": {
                        "id": "pcx-7dfa7c14",
                        "attributes": {
                            "accept_status": "active",
                            "accepter.#": "1",
                            "accepter.3244290774.allow_classic_link_to_remote_vpc": "false",
                            "accepter.3244290774.allow_remote_vpc_dns_resolution": "false",
                            "accepter.3244290774.allow_vpc_to_remote_classic_link": "false",
                            "auto_accept": "true",
                            "id": "pcx-7dfa7c14",
                            "peer_owner_id": "517449413234",
                            "peer_vpc_id": "vpc-1f7b3d7b",
                            "requester.#": "1",
                            "requester.3244290774.allow_classic_link_to_remote_vpc": "false",
                            "requester.3244290774.allow_remote_vpc_dns_resolution": "false",
                            "requester.3244290774.allow_vpc_to_remote_classic_link": "false",
                            "tags.%": "5",
                            "tags.Name": "pipeline-bauron_to_infra-jive-infra-pipeline",
                            "tags.account_name": "jive-infra-pipeline",
                            "tags.pipeline_phase": "pipeline-bauron",
                            "tags.region": "us-west-2",
                            "tags.sla": "non-prod",
                            "vpc_id": "vpc-f12a9996"
                        },
                        "meta": {},
                        "tainted": false
                    },
                    "deposed": [],
                    "provider": ""
                },
                "aws_vpn_gateway.vgw": {
                    "type": "aws_vpn_gateway",
                    "depends_on": [
                        "aws_vpc.main"
                    ],
                    "primary": {
                        "id": "vgw-9310c88d",
                        "attributes": {
                            "id": "vgw-9310c88d",
                            "tags.%": "7",
                            "tags.Name": "pipeline-bauron-vgw",
                            "tags.account_name": "jive-infra-pipeline",
                            "tags.jive_service": "infrastructure",
                            "tags.pipeline_phase": "pipeline-bauron",
                            "tags.region": "us-west-2",
                            "tags.service_component": "vpn_gateway",
                            "tags.sla": "non-prod",
                            "vpc_id": "vpc-f12a9996"
                        },
                        "meta": {},
                        "tainted": false
                    },
                    "deposed": [],
                    "provider": ""
                }
            },
            "depends_on": []
        }
    ]
}
