{
    "version": 3,
    "terraform_version": "0.9.2",
    "serial": 60,
    "lineage": "bc04f827-a81e-472a-b4f9-f4bfa1e6a16c",
    "modules": [
        {
            "path": [
                "root"
            ],
            "outputs": {},
            "resources": {
                "aws_autoscaling_group.k8s_etcd_asg.0": {
                    "type": "aws_autoscaling_group",
                    "depends_on": [
                        "aws_eip.k8s_etcd_eip.*",
                        "aws_launch_configuration.k8s_etcd",
                        "data.aws_subnet.natdc.*",
                        "null_resource.k8s_cluster"
                    ],
                    "primary": {
                        "id": "pipeline-k8s-etcd-asg1",
                        "attributes": {
                            "arn": "arn:aws:autoscaling:us-west-2:517449413234:autoScalingGroup:8bd386f0-ea2b-4a1b-bf59-12047b33eb65:autoScalingGroupName/pipeline-k8s-etcd-asg1",
                            "availability_zones.#": "1",
                            "availability_zones.2487133097": "us-west-2a",
                            "default_cooldown": "300",
                            "desired_capacity": "1",
                            "force_delete": "false",
                            "health_check_grace_period": "300",
                            "health_check_type": "EC2",
                            "id": "pipeline-k8s-etcd-asg1",
                            "launch_configuration": "terraform-00b271bd9ec8d90b8bc8508644",
                            "load_balancers.#": "0",
                            "max_size": "1",
                            "metrics_granularity": "1Minute",
                            "min_size": "1",
                            "name": "pipeline-k8s-etcd-asg1",
                            "placement_group": "",
                            "protect_from_scale_in": "false",
                            "suspended_processes.#": "0",
                            "tag.#": "10",
                            "tag.1110664110.key": "Hostname",
                            "tag.1110664110.propagate_at_launch": "true",
                            "tag.1110664110.value": "us-west-2_jive-infra-pipeline-etcd1",
                            "tag.2708503611.key": "Etcd_ip",
                            "tag.2708503611.propagate_at_launch": "true",
                            "tag.2708503611.value": "10.114.0.106",
                            "tag.2957669699.key": "Pipeline_phase",
                            "tag.2957669699.propagate_at_launch": "true",
                            "tag.2957669699.value": "pipeline",
                            "tag.3024122225.key": "Jive_service",
                            "tag.3024122225.propagate_at_launch": "true",
                            "tag.3024122225.value": "us-west-2_jive-infra-pipeline",
                            "tag.3187119633.key": "Service_component",
                            "tag.3187119633.propagate_at_launch": "true",
                            "tag.3187119633.value": "etcd",
                            "tag.3720102784.key": "KubernetesCluster",
                            "tag.3720102784.propagate_at_launch": "true",
                            "tag.3720102784.value": "us-west-2_jive-infra-pipeline",
                            "tag.3767096825.key": "SLA",
                            "tag.3767096825.propagate_at_launch": "true",
                            "tag.3767096825.value": "non-prod",
                            "tag.4279558224.key": "Region",
                            "tag.4279558224.propagate_at_launch": "true",
                            "tag.4279558224.value": "us-west-2",
                            "tag.528337943.key": "Name",
                            "tag.528337943.propagate_at_launch": "true",
                            "tag.528337943.value": "pipeline-k8s-etcd-instance",
                            "tag.797360201.key": "K8s_cluster",
                            "tag.797360201.propagate_at_launch": "true",
                            "tag.797360201.value": "us-west-2_jive-infra-pipeline",
                            "target_group_arns.#": "0",
                            "termination_policies.#": "0",
                            "vpc_zone_identifier.#": "1",
                            "vpc_zone_identifier.2687197175": "subnet-3658d640",
                            "wait_for_capacity_timeout": "10m"
                        },
                        "meta": {},
                        "tainted": false
                    },
                    "deposed": [],
                    "provider": ""
                },
                "aws_autoscaling_group.k8s_etcd_asg.1": {
                    "type": "aws_autoscaling_group",
                    "depends_on": [
                        "aws_eip.k8s_etcd_eip.*",
                        "aws_launch_configuration.k8s_etcd",
                        "data.aws_subnet.natdc.*",
                        "null_resource.k8s_cluster"
                    ],
                    "primary": {
                        "id": "pipeline-k8s-etcd-asg2",
                        "attributes": {
                            "arn": "arn:aws:autoscaling:us-west-2:517449413234:autoScalingGroup:c78abf98-2028-46a1-8776-7eeccf66d69b:autoScalingGroupName/pipeline-k8s-etcd-asg2",
                            "availability_zones.#": "1",
                            "availability_zones.221770259": "us-west-2b",
                            "default_cooldown": "300",
                            "desired_capacity": "1",
                            "force_delete": "false",
                            "health_check_grace_period": "300",
                            "health_check_type": "EC2",
                            "id": "pipeline-k8s-etcd-asg2",
                            "launch_configuration": "terraform-00b271bd9ec8d90b8bc8508644",
                            "load_balancers.#": "0",
                            "max_size": "1",
                            "metrics_granularity": "1Minute",
                            "min_size": "1",
                            "name": "pipeline-k8s-etcd-asg2",
                            "placement_group": "",
                            "protect_from_scale_in": "false",
                            "suspended_processes.#": "0",
                            "tag.#": "10",
                            "tag.1943763251.key": "Hostname",
                            "tag.1943763251.propagate_at_launch": "true",
                            "tag.1943763251.value": "us-west-2_jive-infra-pipeline-etcd2",
                            "tag.2957669699.key": "Pipeline_phase",
                            "tag.2957669699.propagate_at_launch": "true",
                            "tag.2957669699.value": "pipeline",
                            "tag.3024122225.key": "Jive_service",
                            "tag.3024122225.propagate_at_launch": "true",
                            "tag.3024122225.value": "us-west-2_jive-infra-pipeline",
                            "tag.3187119633.key": "Service_component",
                            "tag.3187119633.propagate_at_launch": "true",
                            "tag.3187119633.value": "etcd",
                            "tag.3698005871.key": "Etcd_ip",
                            "tag.3698005871.propagate_at_launch": "true",
                            "tag.3698005871.value": "10.114.4.202",
                            "tag.3720102784.key": "KubernetesCluster",
                            "tag.3720102784.propagate_at_launch": "true",
                            "tag.3720102784.value": "us-west-2_jive-infra-pipeline",
                            "tag.3767096825.key": "SLA",
                            "tag.3767096825.propagate_at_launch": "true",
                            "tag.3767096825.value": "non-prod",
                            "tag.4279558224.key": "Region",
                            "tag.4279558224.propagate_at_launch": "true",
                            "tag.4279558224.value": "us-west-2",
                            "tag.528337943.key": "Name",
                            "tag.528337943.propagate_at_launch": "true",
                            "tag.528337943.value": "pipeline-k8s-etcd-instance",
                            "tag.797360201.key": "K8s_cluster",
                            "tag.797360201.propagate_at_launch": "true",
                            "tag.797360201.value": "us-west-2_jive-infra-pipeline",
                            "target_group_arns.#": "0",
                            "termination_policies.#": "0",
                            "vpc_zone_identifier.#": "1",
                            "vpc_zone_identifier.1267274096": "subnet-f3e69197",
                            "wait_for_capacity_timeout": "10m"
                        },
                        "meta": {},
                        "tainted": false
                    },
                    "deposed": [],
                    "provider": ""
                },
                "aws_autoscaling_group.k8s_etcd_asg.2": {
                    "type": "aws_autoscaling_group",
                    "depends_on": [
                        "aws_eip.k8s_etcd_eip.*",
                        "aws_launch_configuration.k8s_etcd",
                        "data.aws_subnet.natdc.*",
                        "null_resource.k8s_cluster"
                    ],
                    "primary": {
                        "id": "pipeline-k8s-etcd-asg3",
                        "attributes": {
                            "arn": "arn:aws:autoscaling:us-west-2:517449413234:autoScalingGroup:4de34248-bde9-4e08-86ba-86950bb83b65:autoScalingGroupName/pipeline-k8s-etcd-asg3",
                            "availability_zones.#": "1",
                            "availability_zones.2050015877": "us-west-2c",
                            "default_cooldown": "300",
                            "desired_capacity": "1",
                            "force_delete": "false",
                            "health_check_grace_period": "300",
                            "health_check_type": "EC2",
                            "id": "pipeline-k8s-etcd-asg3",
                            "launch_configuration": "terraform-00b271bd9ec8d90b8bc8508644",
                            "load_balancers.#": "0",
                            "max_size": "1",
                            "metrics_granularity": "1Minute",
                            "min_size": "1",
                            "name": "pipeline-k8s-etcd-asg3",
                            "placement_group": "",
                            "protect_from_scale_in": "false",
                            "suspended_processes.#": "0",
                            "tag.#": "10",
                            "tag.2891382183.key": "Etcd_ip",
                            "tag.2891382183.propagate_at_launch": "true",
                            "tag.2891382183.value": "10.114.9.96",
                            "tag.2957669699.key": "Pipeline_phase",
                            "tag.2957669699.propagate_at_launch": "true",
                            "tag.2957669699.value": "pipeline",
                            "tag.3024122225.key": "Jive_service",
                            "tag.3024122225.propagate_at_launch": "true",
                            "tag.3024122225.value": "us-west-2_jive-infra-pipeline",
                            "tag.3187119633.key": "Service_component",
                            "tag.3187119633.propagate_at_launch": "true",
                            "tag.3187119633.value": "etcd",
                            "tag.3584848519.key": "Hostname",
                            "tag.3584848519.propagate_at_launch": "true",
                            "tag.3584848519.value": "us-west-2_jive-infra-pipeline-etcd3",
                            "tag.3720102784.key": "KubernetesCluster",
                            "tag.3720102784.propagate_at_launch": "true",
                            "tag.3720102784.value": "us-west-2_jive-infra-pipeline",
                            "tag.3767096825.key": "SLA",
                            "tag.3767096825.propagate_at_launch": "true",
                            "tag.3767096825.value": "non-prod",
                            "tag.4279558224.key": "Region",
                            "tag.4279558224.propagate_at_launch": "true",
                            "tag.4279558224.value": "us-west-2",
                            "tag.528337943.key": "Name",
                            "tag.528337943.propagate_at_launch": "true",
                            "tag.528337943.value": "pipeline-k8s-etcd-instance",
                            "tag.797360201.key": "K8s_cluster",
                            "tag.797360201.propagate_at_launch": "true",
                            "tag.797360201.value": "us-west-2_jive-infra-pipeline",
                            "target_group_arns.#": "0",
                            "termination_policies.#": "0",
                            "vpc_zone_identifier.#": "1",
                            "vpc_zone_identifier.3994496132": "subnet-c9ba6c91",
                            "wait_for_capacity_timeout": "10m"
                        },
                        "meta": {},
                        "tainted": false
                    },
                    "deposed": [],
                    "provider": ""
                },
                "aws_autoscaling_group.k8s_etcd_asg.3": {
                    "type": "aws_autoscaling_group",
                    "depends_on": [
                        "aws_eip.k8s_etcd_eip.*",
                        "aws_launch_configuration.k8s_etcd",
                        "data.aws_subnet.natdc.*",
                        "null_resource.k8s_cluster"
                    ],
                    "primary": {
                        "id": "pipeline-k8s-etcd-asg4",
                        "attributes": {
                            "arn": "arn:aws:autoscaling:us-west-2:517449413234:autoScalingGroup:70f4d15b-77c9-488e-bb4c-b10a2e1cfa5b:autoScalingGroupName/pipeline-k8s-etcd-asg4",
                            "availability_zones.#": "1",
                            "availability_zones.2487133097": "us-west-2a",
                            "default_cooldown": "300",
                            "desired_capacity": "1",
                            "force_delete": "false",
                            "health_check_grace_period": "300",
                            "health_check_type": "EC2",
                            "id": "pipeline-k8s-etcd-asg4",
                            "launch_configuration": "terraform-00b271bd9ec8d90b8bc8508644",
                            "load_balancers.#": "0",
                            "max_size": "1",
                            "metrics_granularity": "1Minute",
                            "min_size": "1",
                            "name": "pipeline-k8s-etcd-asg4",
                            "placement_group": "",
                            "protect_from_scale_in": "false",
                            "suspended_processes.#": "0",
                            "tag.#": "10",
                            "tag.269175817.key": "Hostname",
                            "tag.269175817.propagate_at_launch": "true",
                            "tag.269175817.value": "us-west-2_jive-infra-pipeline-etcd4",
                            "tag.2957669699.key": "Pipeline_phase",
                            "tag.2957669699.propagate_at_launch": "true",
                            "tag.2957669699.value": "pipeline",
                            "tag.3024122225.key": "Jive_service",
                            "tag.3024122225.propagate_at_launch": "true",
                            "tag.3024122225.value": "us-west-2_jive-infra-pipeline",
                            "tag.3187119633.key": "Service_component",
                            "tag.3187119633.propagate_at_launch": "true",
                            "tag.3187119633.value": "etcd",
                            "tag.3720102784.key": "KubernetesCluster",
                            "tag.3720102784.propagate_at_launch": "true",
                            "tag.3720102784.value": "us-west-2_jive-infra-pipeline",
                            "tag.3767096825.key": "SLA",
                            "tag.3767096825.propagate_at_launch": "true",
                            "tag.3767096825.value": "non-prod",
                            "tag.4051082458.key": "Etcd_ip",
                            "tag.4051082458.propagate_at_launch": "true",
                            "tag.4051082458.value": "10.114.0.6",
                            "tag.4279558224.key": "Region",
                            "tag.4279558224.propagate_at_launch": "true",
                            "tag.4279558224.value": "us-west-2",
                            "tag.528337943.key": "Name",
                            "tag.528337943.propagate_at_launch": "true",
                            "tag.528337943.value": "pipeline-k8s-etcd-instance",
                            "tag.797360201.key": "K8s_cluster",
                            "tag.797360201.propagate_at_launch": "true",
                            "tag.797360201.value": "us-west-2_jive-infra-pipeline",
                            "target_group_arns.#": "0",
                            "termination_policies.#": "0",
                            "vpc_zone_identifier.#": "1",
                            "vpc_zone_identifier.2687197175": "subnet-3658d640",
                            "wait_for_capacity_timeout": "10m"
                        },
                        "meta": {},
                        "tainted": false
                    },
                    "deposed": [],
                    "provider": ""
                },
                "aws_autoscaling_group.k8s_etcd_asg.4": {
                    "type": "aws_autoscaling_group",
                    "depends_on": [
                        "aws_eip.k8s_etcd_eip.*",
                        "aws_launch_configuration.k8s_etcd",
                        "data.aws_subnet.natdc.*",
                        "null_resource.k8s_cluster"
                    ],
                    "primary": {
                        "id": "pipeline-k8s-etcd-asg5",
                        "attributes": {
                            "arn": "arn:aws:autoscaling:us-west-2:517449413234:autoScalingGroup:e2ba2d18-959a-435a-a20b-ed01bcd1020a:autoScalingGroupName/pipeline-k8s-etcd-asg5",
                            "availability_zones.#": "1",
                            "availability_zones.221770259": "us-west-2b",
                            "default_cooldown": "300",
                            "desired_capacity": "1",
                            "force_delete": "false",
                            "health_check_grace_period": "300",
                            "health_check_type": "EC2",
                            "id": "pipeline-k8s-etcd-asg5",
                            "launch_configuration": "terraform-00b271bd9ec8d90b8bc8508644",
                            "load_balancers.#": "0",
                            "max_size": "1",
                            "metrics_granularity": "1Minute",
                            "min_size": "1",
                            "name": "pipeline-k8s-etcd-asg5",
                            "placement_group": "",
                            "protect_from_scale_in": "false",
                            "suspended_processes.#": "0",
                            "tag.#": "10",
                            "tag.2957669699.key": "Pipeline_phase",
                            "tag.2957669699.propagate_at_launch": "true",
                            "tag.2957669699.value": "pipeline",
                            "tag.3024122225.key": "Jive_service",
                            "tag.3024122225.propagate_at_launch": "true",
                            "tag.3024122225.value": "us-west-2_jive-infra-pipeline",
                            "tag.3061598141.key": "Hostname",
                            "tag.3061598141.propagate_at_launch": "true",
                            "tag.3061598141.value": "us-west-2_jive-infra-pipeline-etcd5",
                            "tag.3187119633.key": "Service_component",
                            "tag.3187119633.propagate_at_launch": "true",
                            "tag.3187119633.value": "etcd",
                            "tag.3720102784.key": "KubernetesCluster",
                            "tag.3720102784.propagate_at_launch": "true",
                            "tag.3720102784.value": "us-west-2_jive-infra-pipeline",
                            "tag.3767096825.key": "SLA",
                            "tag.3767096825.propagate_at_launch": "true",
                            "tag.3767096825.value": "non-prod",
                            "tag.4113428609.key": "Etcd_ip",
                            "tag.4113428609.propagate_at_launch": "true",
                            "tag.4113428609.value": "10.114.7.73",
                            "tag.4279558224.key": "Region",
                            "tag.4279558224.propagate_at_launch": "true",
                            "tag.4279558224.value": "us-west-2",
                            "tag.528337943.key": "Name",
                            "tag.528337943.propagate_at_launch": "true",
                            "tag.528337943.value": "pipeline-k8s-etcd-instance",
                            "tag.797360201.key": "K8s_cluster",
                            "tag.797360201.propagate_at_launch": "true",
                            "tag.797360201.value": "us-west-2_jive-infra-pipeline",
                            "target_group_arns.#": "0",
                            "termination_policies.#": "0",
                            "vpc_zone_identifier.#": "1",
                            "vpc_zone_identifier.1267274096": "subnet-f3e69197",
                            "wait_for_capacity_timeout": "10m"
                        },
                        "meta": {},
                        "tainted": false
                    },
                    "deposed": [],
                    "provider": ""
                },
                "aws_autoscaling_group.k8s_etcd_asg.5": {
                    "type": "aws_autoscaling_group",
                    "depends_on": [
                        "aws_eip.k8s_etcd_eip.*",
                        "aws_launch_configuration.k8s_etcd",
                        "data.aws_subnet.natdc.*",
                        "null_resource.k8s_cluster"
                    ],
                    "primary": {
                        "id": "pipeline-k8s-etcd-asg6",
                        "attributes": {
                            "arn": "arn:aws:autoscaling:us-west-2:517449413234:autoScalingGroup:490a0fda-b320-4dff-884b-ee6ea81f57f1:autoScalingGroupName/pipeline-k8s-etcd-asg6",
                            "availability_zones.#": "1",
                            "availability_zones.2050015877": "us-west-2c",
                            "default_cooldown": "300",
                            "desired_capacity": "1",
                            "force_delete": "false",
                            "health_check_grace_period": "300",
                            "health_check_type": "EC2",
                            "id": "pipeline-k8s-etcd-asg6",
                            "launch_configuration": "terraform-00b271bd9ec8d90b8bc8508644",
                            "load_balancers.#": "0",
                            "max_size": "1",
                            "metrics_granularity": "1Minute",
                            "min_size": "1",
                            "name": "pipeline-k8s-etcd-asg6",
                            "placement_group": "",
                            "protect_from_scale_in": "false",
                            "suspended_processes.#": "0",
                            "tag.#": "10",
                            "tag.1903072852.key": "Etcd_ip",
                            "tag.1903072852.propagate_at_launch": "true",
                            "tag.1903072852.value": "10.114.8.117",
                            "tag.2274647328.key": "Hostname",
                            "tag.2274647328.propagate_at_launch": "true",
                            "tag.2274647328.value": "us-west-2_jive-infra-pipeline-etcd6",
                            "tag.2957669699.key": "Pipeline_phase",
                            "tag.2957669699.propagate_at_launch": "true",
                            "tag.2957669699.value": "pipeline",
                            "tag.3024122225.key": "Jive_service",
                            "tag.3024122225.propagate_at_launch": "true",
                            "tag.3024122225.value": "us-west-2_jive-infra-pipeline",
                            "tag.3187119633.key": "Service_component",
                            "tag.3187119633.propagate_at_launch": "true",
                            "tag.3187119633.value": "etcd",
                            "tag.3720102784.key": "KubernetesCluster",
                            "tag.3720102784.propagate_at_launch": "true",
                            "tag.3720102784.value": "us-west-2_jive-infra-pipeline",
                            "tag.3767096825.key": "SLA",
                            "tag.3767096825.propagate_at_launch": "true",
                            "tag.3767096825.value": "non-prod",
                            "tag.4279558224.key": "Region",
                            "tag.4279558224.propagate_at_launch": "true",
                            "tag.4279558224.value": "us-west-2",
                            "tag.528337943.key": "Name",
                            "tag.528337943.propagate_at_launch": "true",
                            "tag.528337943.value": "pipeline-k8s-etcd-instance",
                            "tag.797360201.key": "K8s_cluster",
                            "tag.797360201.propagate_at_launch": "true",
                            "tag.797360201.value": "us-west-2_jive-infra-pipeline",
                            "target_group_arns.#": "0",
                            "termination_policies.#": "0",
                            "vpc_zone_identifier.#": "1",
                            "vpc_zone_identifier.3994496132": "subnet-c9ba6c91",
                            "wait_for_capacity_timeout": "10m"
                        },
                        "meta": {},
                        "tainted": false
                    },
                    "deposed": [],
                    "provider": ""
                },
                "aws_autoscaling_group.k8s_master": {
                    "type": "aws_autoscaling_group",
                    "depends_on": [
                        "aws_elb.k8s_master",
                        "aws_launch_configuration.k8s_master",
                        "null_resource.k8s_cluster"
                    ],
                    "primary": {
                        "id": "pipeline-k8s-master-asg1",
                        "attributes": {
                            "arn": "arn:aws:autoscaling:us-west-2:517449413234:autoScalingGroup:23da6c69-0563-4f78-82c9-02b7e17e1812:autoScalingGroupName/pipeline-k8s-master-asg1",
                            "availability_zones.#": "1",
                            "availability_zones.2487133097": "us-west-2a",
                            "default_cooldown": "300",
                            "desired_capacity": "1",
                            "force_delete": "false",
                            "health_check_grace_period": "300",
                            "health_check_type": "EC2",
                            "id": "pipeline-k8s-master-asg1",
                            "launch_configuration": "terraform-00b271bd9ec8d90b8bc8508646",
                            "load_balancers.#": "1",
                            "load_balancers.1572528977": "pipeline-k8s-master-elb",
                            "max_size": "1",
                            "metrics_granularity": "1Minute",
                            "min_size": "1",
                            "name": "pipeline-k8s-master-asg1",
                            "placement_group": "",
                            "protect_from_scale_in": "false",
                            "suspended_processes.#": "0",
                            "tag.#": "9",
                            "tag.114212053.key": "Name",
                            "tag.114212053.propagate_at_launch": "true",
                            "tag.114212053.value": "pipeline-k8s-master-instance",
                            "tag.1694569998.key": "Hostname",
                            "tag.1694569998.propagate_at_launch": "true",
                            "tag.1694569998.value": "us-west-2_jive-infra-pipeline-master1",
                            "tag.2957669699.key": "Pipeline_phase",
                            "tag.2957669699.propagate_at_launch": "true",
                            "tag.2957669699.value": "pipeline",
                            "tag.3024122225.key": "Jive_service",
                            "tag.3024122225.propagate_at_launch": "true",
                            "tag.3024122225.value": "us-west-2_jive-infra-pipeline",
                            "tag.3116370667.key": "Service_component",
                            "tag.3116370667.propagate_at_launch": "true",
                            "tag.3116370667.value": "k8s-master",
                            "tag.3720102784.key": "KubernetesCluster",
                            "tag.3720102784.propagate_at_launch": "true",
                            "tag.3720102784.value": "us-west-2_jive-infra-pipeline",
                            "tag.3767096825.key": "SLA",
                            "tag.3767096825.propagate_at_launch": "true",
                            "tag.3767096825.value": "non-prod",
                            "tag.4279558224.key": "Region",
                            "tag.4279558224.propagate_at_launch": "true",
                            "tag.4279558224.value": "us-west-2",
                            "tag.797360201.key": "K8s_cluster",
                            "tag.797360201.propagate_at_launch": "true",
                            "tag.797360201.value": "us-west-2_jive-infra-pipeline",
                            "target_group_arns.#": "0",
                            "termination_policies.#": "0",
                            "vpc_zone_identifier.#": "1",
                            "vpc_zone_identifier.2687197175": "subnet-3658d640",
                            "wait_for_capacity_timeout": "10m"
                        },
                        "meta": {},
                        "tainted": false
                    },
                    "deposed": [],
                    "provider": ""
                },
                "aws_autoscaling_group.k8s_worker_asg.0": {
                    "type": "aws_autoscaling_group",
                    "depends_on": [
                        "aws_launch_configuration.k8s_worker",
                        "null_resource.k8s_cluster"
                    ],
                    "primary": {
                        "id": "pipeline-k8s-worker-asg1",
                        "attributes": {
                            "arn": "arn:aws:autoscaling:us-west-2:517449413234:autoScalingGroup:c866575b-3008-432c-ab62-84e3996b86c1:autoScalingGroupName/pipeline-k8s-worker-asg1",
                            "availability_zones.#": "1",
                            "availability_zones.2487133097": "us-west-2a",
                            "default_cooldown": "300",
                            "desired_capacity": "1",
                            "force_delete": "false",
                            "health_check_grace_period": "300",
                            "health_check_type": "EC2",
                            "id": "pipeline-k8s-worker-asg1",
                            "launch_configuration": "terraform-00b271bd9ec8d90b8bc8508645",
                            "load_balancers.#": "0",
                            "max_size": "6",
                            "metrics_granularity": "1Minute",
                            "min_size": "1",
                            "name": "pipeline-k8s-worker-asg1",
                            "placement_group": "",
                            "protect_from_scale_in": "false",
                            "suspended_processes.#": "0",
                            "tag.#": "9",
                            "tag.2157698622.key": "Hostname",
                            "tag.2157698622.propagate_at_launch": "true",
                            "tag.2157698622.value": "k8s-node1",
                            "tag.228639812.key": "Service_component",
                            "tag.228639812.propagate_at_launch": "true",
                            "tag.228639812.value": "k8s-node",
                            "tag.2598016381.key": "Name",
                            "tag.2598016381.propagate_at_launch": "true",
                            "tag.2598016381.value": "pipeline-k8s-worker-instance",
                            "tag.2957669699.key": "Pipeline_phase",
                            "tag.2957669699.propagate_at_launch": "true",
                            "tag.2957669699.value": "pipeline",
                            "tag.3024122225.key": "Jive_service",
                            "tag.3024122225.propagate_at_launch": "true",
                            "tag.3024122225.value": "us-west-2_jive-infra-pipeline",
                            "tag.3720102784.key": "KubernetesCluster",
                            "tag.3720102784.propagate_at_launch": "true",
                            "tag.3720102784.value": "us-west-2_jive-infra-pipeline",
                            "tag.3767096825.key": "SLA",
                            "tag.3767096825.propagate_at_launch": "true",
                            "tag.3767096825.value": "non-prod",
                            "tag.4279558224.key": "Region",
                            "tag.4279558224.propagate_at_launch": "true",
                            "tag.4279558224.value": "us-west-2",
                            "tag.797360201.key": "K8s_cluster",
                            "tag.797360201.propagate_at_launch": "true",
                            "tag.797360201.value": "us-west-2_jive-infra-pipeline",
                            "target_group_arns.#": "0",
                            "termination_policies.#": "0",
                            "vpc_zone_identifier.#": "1",
                            "vpc_zone_identifier.2687197175": "subnet-3658d640",
                            "wait_for_capacity_timeout": "10m"
                        },
                        "meta": {},
                        "tainted": false
                    },
                    "deposed": [],
                    "provider": ""
                },
                "aws_autoscaling_group.k8s_worker_asg.1": {
                    "type": "aws_autoscaling_group",
                    "depends_on": [
                        "aws_launch_configuration.k8s_worker",
                        "null_resource.k8s_cluster"
                    ],
                    "primary": {
                        "id": "pipeline-k8s-worker-asg2",
                        "attributes": {
                            "arn": "arn:aws:autoscaling:us-west-2:517449413234:autoScalingGroup:50a72305-6fe9-4c08-a7bb-bf3f4eb68f49:autoScalingGroupName/pipeline-k8s-worker-asg2",
                            "availability_zones.#": "1",
                            "availability_zones.221770259": "us-west-2b",
                            "default_cooldown": "300",
                            "desired_capacity": "1",
                            "force_delete": "false",
                            "health_check_grace_period": "300",
                            "health_check_type": "EC2",
                            "id": "pipeline-k8s-worker-asg2",
                            "launch_configuration": "terraform-00b271bd9ec8d90b8bc8508645",
                            "load_balancers.#": "0",
                            "max_size": "6",
                            "metrics_granularity": "1Minute",
                            "min_size": "1",
                            "name": "pipeline-k8s-worker-asg2",
                            "placement_group": "",
                            "protect_from_scale_in": "false",
                            "suspended_processes.#": "0",
                            "tag.#": "9",
                            "tag.228639812.key": "Service_component",
                            "tag.228639812.propagate_at_launch": "true",
                            "tag.228639812.value": "k8s-node",
                            "tag.2598016381.key": "Name",
                            "tag.2598016381.propagate_at_launch": "true",
                            "tag.2598016381.value": "pipeline-k8s-worker-instance",
                            "tag.2957669699.key": "Pipeline_phase",
                            "tag.2957669699.propagate_at_launch": "true",
                            "tag.2957669699.value": "pipeline",
                            "tag.2977154211.key": "Hostname",
                            "tag.2977154211.propagate_at_launch": "true",
                            "tag.2977154211.value": "k8s-node2",
                            "tag.3024122225.key": "Jive_service",
                            "tag.3024122225.propagate_at_launch": "true",
                            "tag.3024122225.value": "us-west-2_jive-infra-pipeline",
                            "tag.3720102784.key": "KubernetesCluster",
                            "tag.3720102784.propagate_at_launch": "true",
                            "tag.3720102784.value": "us-west-2_jive-infra-pipeline",
                            "tag.3767096825.key": "SLA",
                            "tag.3767096825.propagate_at_launch": "true",
                            "tag.3767096825.value": "non-prod",
                            "tag.4279558224.key": "Region",
                            "tag.4279558224.propagate_at_launch": "true",
                            "tag.4279558224.value": "us-west-2",
                            "tag.797360201.key": "K8s_cluster",
                            "tag.797360201.propagate_at_launch": "true",
                            "tag.797360201.value": "us-west-2_jive-infra-pipeline",
                            "target_group_arns.#": "0",
                            "termination_policies.#": "0",
                            "vpc_zone_identifier.#": "1",
                            "vpc_zone_identifier.1267274096": "subnet-f3e69197",
                            "wait_for_capacity_timeout": "10m"
                        },
                        "meta": {},
                        "tainted": false
                    },
                    "deposed": [],
                    "provider": ""
                },
                "aws_autoscaling_group.k8s_worker_asg.2": {
                    "type": "aws_autoscaling_group",
                    "depends_on": [
                        "aws_launch_configuration.k8s_worker",
                        "null_resource.k8s_cluster"
                    ],
                    "primary": {
                        "id": "pipeline-k8s-worker-asg3",
                        "attributes": {
                            "arn": "arn:aws:autoscaling:us-west-2:517449413234:autoScalingGroup:c45964d7-f94d-4aa5-b1d3-8dfdc0854cd7:autoScalingGroupName/pipeline-k8s-worker-asg3",
                            "availability_zones.#": "1",
                            "availability_zones.2050015877": "us-west-2c",
                            "default_cooldown": "300",
                            "desired_capacity": "1",
                            "force_delete": "false",
                            "health_check_grace_period": "300",
                            "health_check_type": "EC2",
                            "id": "pipeline-k8s-worker-asg3",
                            "launch_configuration": "terraform-00b271bd9ec8d90b8bc8508645",
                            "load_balancers.#": "0",
                            "max_size": "6",
                            "metrics_granularity": "1Minute",
                            "min_size": "1",
                            "name": "pipeline-k8s-worker-asg3",
                            "placement_group": "",
                            "protect_from_scale_in": "false",
                            "suspended_processes.#": "0",
                            "tag.#": "9",
                            "tag.228639812.key": "Service_component",
                            "tag.228639812.propagate_at_launch": "true",
                            "tag.228639812.value": "k8s-node",
                            "tag.2598016381.key": "Name",
                            "tag.2598016381.propagate_at_launch": "true",
                            "tag.2598016381.value": "pipeline-k8s-worker-instance",
                            "tag.2957669699.key": "Pipeline_phase",
                            "tag.2957669699.propagate_at_launch": "true",
                            "tag.2957669699.value": "pipeline",
                            "tag.3024122225.key": "Jive_service",
                            "tag.3024122225.propagate_at_launch": "true",
                            "tag.3024122225.value": "us-west-2_jive-infra-pipeline",
                            "tag.3720102784.key": "KubernetesCluster",
                            "tag.3720102784.propagate_at_launch": "true",
                            "tag.3720102784.value": "us-west-2_jive-infra-pipeline",
                            "tag.3767096825.key": "SLA",
                            "tag.3767096825.propagate_at_launch": "true",
                            "tag.3767096825.value": "non-prod",
                            "tag.386191127.key": "Hostname",
                            "tag.386191127.propagate_at_launch": "true",
                            "tag.386191127.value": "k8s-node3",
                            "tag.4279558224.key": "Region",
                            "tag.4279558224.propagate_at_launch": "true",
                            "tag.4279558224.value": "us-west-2",
                            "tag.797360201.key": "K8s_cluster",
                            "tag.797360201.propagate_at_launch": "true",
                            "tag.797360201.value": "us-west-2_jive-infra-pipeline",
                            "target_group_arns.#": "0",
                            "termination_policies.#": "0",
                            "vpc_zone_identifier.#": "1",
                            "vpc_zone_identifier.3994496132": "subnet-c9ba6c91",
                            "wait_for_capacity_timeout": "10m"
                        },
                        "meta": {},
                        "tainted": false
                    },
                    "deposed": [],
                    "provider": ""
                },
                "aws_ebs_volume.k8s_etcd_ebs.0": {
                    "type": "aws_ebs_volume",
                    "depends_on": [
                        "data.aws_availability_zones.available",
                        "null_resource.k8s_cluster"
                    ],
                    "primary": {
                        "id": "vol-9055ac24",
                        "attributes": {
                            "availability_zone": "us-west-2a",
                            "encrypted": "true",
                            "id": "vol-9055ac24",
                            "kms_key_id": "arn:aws:kms:us-west-2:517449413234:key/dd19ddd7-5774-4956-9345-10e4580bd22d",
                            "size": "20",
                            "snapshot_id": "",
                            "tags.%": "7",
                            "tags.Hostname": "us-west-2_jive-infra-pipeline-etcd1",
                            "tags.Jive_service": "us-west-2_jive-infra-pipeline",
                            "tags.Name": "pipeline-k8s_etcd-instance",
                            "tags.Pipeline_phase": "pipeline",
                            "tags.Region": "us-west-2",
                            "tags.SLA": "non-prod",
                            "tags.Service_component": "etcd",
                            "type": "gp2"
                        },
                        "meta": {},
                        "tainted": false
                    },
                    "deposed": [],
                    "provider": ""
                },
                "aws_ebs_volume.k8s_etcd_ebs.1": {
                    "type": "aws_ebs_volume",
                    "depends_on": [
                        "data.aws_availability_zones.available",
                        "null_resource.k8s_cluster"
                    ],
                    "primary": {
                        "id": "vol-eff40867",
                        "attributes": {
                            "availability_zone": "us-west-2b",
                            "encrypted": "true",
                            "id": "vol-eff40867",
                            "kms_key_id": "arn:aws:kms:us-west-2:517449413234:key/dd19ddd7-5774-4956-9345-10e4580bd22d",
                            "size": "20",
                            "snapshot_id": "",
                            "tags.%": "7",
                            "tags.Hostname": "us-west-2_jive-infra-pipeline-etcd2",
                            "tags.Jive_service": "us-west-2_jive-infra-pipeline",
                            "tags.Name": "pipeline-k8s_etcd-instance",
                            "tags.Pipeline_phase": "pipeline",
                            "tags.Region": "us-west-2",
                            "tags.SLA": "non-prod",
                            "tags.Service_component": "etcd",
                            "type": "gp2"
                        },
                        "meta": {},
                        "tainted": false
                    },
                    "deposed": [],
                    "provider": ""
                },
                "aws_ebs_volume.k8s_etcd_ebs.2": {
                    "type": "aws_ebs_volume",
                    "depends_on": [
                        "data.aws_availability_zones.available",
                        "null_resource.k8s_cluster"
                    ],
                    "primary": {
                        "id": "vol-dc91715f",
                        "attributes": {
                            "availability_zone": "us-west-2c",
                            "encrypted": "true",
                            "id": "vol-dc91715f",
                            "kms_key_id": "arn:aws:kms:us-west-2:517449413234:key/dd19ddd7-5774-4956-9345-10e4580bd22d",
                            "size": "20",
                            "snapshot_id": "",
                            "tags.%": "7",
                            "tags.Hostname": "us-west-2_jive-infra-pipeline-etcd3",
                            "tags.Jive_service": "us-west-2_jive-infra-pipeline",
                            "tags.Name": "pipeline-k8s_etcd-instance",
                            "tags.Pipeline_phase": "pipeline",
                            "tags.Region": "us-west-2",
                            "tags.SLA": "non-prod",
                            "tags.Service_component": "etcd",
                            "type": "gp2"
                        },
                        "meta": {},
                        "tainted": false
                    },
                    "deposed": [],
                    "provider": ""
                },
                "aws_ebs_volume.k8s_etcd_ebs.3": {
                    "type": "aws_ebs_volume",
                    "depends_on": [
                        "data.aws_availability_zones.available",
                        "null_resource.k8s_cluster"
                    ],
                    "primary": {
                        "id": "vol-01787091f7fec7f2e",
                        "attributes": {
                            "availability_zone": "us-west-2a",
                            "encrypted": "true",
                            "id": "vol-01787091f7fec7f2e",
                            "kms_key_id": "arn:aws:kms:us-west-2:517449413234:key/dd19ddd7-5774-4956-9345-10e4580bd22d",
                            "size": "20",
                            "snapshot_id": "",
                            "tags.%": "7",
                            "tags.Hostname": "us-west-2_jive-infra-pipeline-etcd4",
                            "tags.Jive_service": "us-west-2_jive-infra-pipeline",
                            "tags.Name": "pipeline-k8s_etcd-instance",
                            "tags.Pipeline_phase": "pipeline",
                            "tags.Region": "us-west-2",
                            "tags.SLA": "non-prod",
                            "tags.Service_component": "etcd",
                            "type": "gp2"
                        },
                        "meta": {},
                        "tainted": false
                    },
                    "deposed": [],
                    "provider": ""
                },
                "aws_ebs_volume.k8s_etcd_ebs.4": {
                    "type": "aws_ebs_volume",
                    "depends_on": [
                        "data.aws_availability_zones.available",
                        "null_resource.k8s_cluster"
                    ],
                    "primary": {
                        "id": "vol-0809db610dcba22f2",
                        "attributes": {
                            "availability_zone": "us-west-2b",
                            "encrypted": "true",
                            "id": "vol-0809db610dcba22f2",
                            "kms_key_id": "arn:aws:kms:us-west-2:517449413234:key/dd19ddd7-5774-4956-9345-10e4580bd22d",
                            "size": "20",
                            "snapshot_id": "",
                            "tags.%": "7",
                            "tags.Hostname": "us-west-2_jive-infra-pipeline-etcd5",
                            "tags.Jive_service": "us-west-2_jive-infra-pipeline",
                            "tags.Name": "pipeline-k8s_etcd-instance",
                            "tags.Pipeline_phase": "pipeline",
                            "tags.Region": "us-west-2",
                            "tags.SLA": "non-prod",
                            "tags.Service_component": "etcd",
                            "type": "gp2"
                        },
                        "meta": {},
                        "tainted": false
                    },
                    "deposed": [],
                    "provider": ""
                },
                "aws_ebs_volume.k8s_etcd_ebs.5": {
                    "type": "aws_ebs_volume",
                    "depends_on": [
                        "data.aws_availability_zones.available",
                        "null_resource.k8s_cluster"
                    ],
                    "primary": {
                        "id": "vol-00208fec275d6246f",
                        "attributes": {
                            "availability_zone": "us-west-2c",
                            "encrypted": "true",
                            "id": "vol-00208fec275d6246f",
                            "kms_key_id": "arn:aws:kms:us-west-2:517449413234:key/dd19ddd7-5774-4956-9345-10e4580bd22d",
                            "size": "20",
                            "snapshot_id": "",
                            "tags.%": "7",
                            "tags.Hostname": "us-west-2_jive-infra-pipeline-etcd6",
                            "tags.Jive_service": "us-west-2_jive-infra-pipeline",
                            "tags.Name": "pipeline-k8s_etcd-instance",
                            "tags.Pipeline_phase": "pipeline",
                            "tags.Region": "us-west-2",
                            "tags.SLA": "non-prod",
                            "tags.Service_component": "etcd",
                            "type": "gp2"
                        },
                        "meta": {},
                        "tainted": false
                    },
                    "deposed": [],
                    "provider": ""
                },
                "aws_ebs_volume.k8s_master": {
                    "type": "aws_ebs_volume",
                    "depends_on": [
                        "null_resource.k8s_cluster"
                    ],
                    "primary": {
                        "id": "vol-9755ac23",
                        "attributes": {
                            "availability_zone": "us-west-2a",
                            "encrypted": "true",
                            "id": "vol-9755ac23",
                            "kms_key_id": "arn:aws:kms:us-west-2:517449413234:key/dd19ddd7-5774-4956-9345-10e4580bd22d",
                            "size": "100",
                            "snapshot_id": "",
                            "tags.%": "7",
                            "tags.Hostname": "us-west-2_jive-infra-pipeline-master1",
                            "tags.Jive_service": "us-west-2_jive-infra-pipeline",
                            "tags.Name": "pipeline-k8s_master-instance",
                            "tags.Pipeline_phase": "pipeline",
                            "tags.Region": "us-west-2",
                            "tags.SLA": "non-prod",
                            "tags.Service_component": "k8s-master",
                            "type": "gp2"
                        },
                        "meta": {},
                        "tainted": false
                    },
                    "deposed": [],
                    "provider": ""
                },
                "aws_eip.k8s_etcd_eip.0": {
                    "type": "aws_eip",
                    "depends_on": [
                        "aws_network_interface.k8s_etcd"
                    ],
                    "primary": {
                        "id": "eipalloc-63c01204",
                        "attributes": {
                            "association_id": "eipassoc-0205967a",
                            "domain": "vpc",
                            "id": "eipalloc-63c01204",
                            "instance": "i-0567ac567f3ed4a67",
                            "network_interface": "eni-9e3cedd0",
                            "private_ip": "10.114.0.106",
                            "public_ip": "52.11.26.200",
                            "vpc": "true"
                        },
                        "meta": {},
                        "tainted": false
                    },
                    "deposed": [],
                    "provider": ""
                },
                "aws_eip.k8s_etcd_eip.1": {
                    "type": "aws_eip",
                    "depends_on": [
                        "aws_network_interface.k8s_etcd"
                    ],
                    "primary": {
                        "id": "eipalloc-87c210e0",
                        "attributes": {
                            "association_id": "eipassoc-70089b08",
                            "domain": "vpc",
                            "id": "eipalloc-87c210e0",
                            "instance": "i-08bf2571dbb4eb9a9",
                            "network_interface": "eni-1cc5d860",
                            "private_ip": "10.114.4.202",
                            "public_ip": "52.36.224.39",
                            "vpc": "true"
                        },
                        "meta": {},
                        "tainted": false
                    },
                    "deposed": [],
                    "provider": ""
                },
                "aws_eip.k8s_etcd_eip.2": {
                    "type": "aws_eip",
                    "depends_on": [
                        "aws_network_interface.k8s_etcd"
                    ],
                    "primary": {
                        "id": "eipalloc-86c210e1",
                        "attributes": {
                            "association_id": "eipassoc-000d9e78",
                            "domain": "vpc",
                            "id": "eipalloc-86c210e1",
                            "instance": "i-06b1b09cbe6bc4a03",
                            "network_interface": "eni-6bd20c35",
                            "private_ip": "10.114.9.96",
                            "public_ip": "54.68.13.35",
                            "vpc": "true"
                        },
                        "meta": {},
                        "tainted": false
                    },
                    "deposed": [],
                    "provider": ""
                },
                "aws_eip.k8s_etcd_eip.3": {
                    "type": "aws_eip",
                    "depends_on": [
                        "aws_network_interface.k8s_etcd"
                    ],
                    "primary": {
                        "id": "eipalloc-6927030e",
                        "attributes": {
                            "association_id": "eipassoc-440c1d3f",
                            "domain": "vpc",
                            "id": "eipalloc-6927030e",
                            "instance": "i-0fd9cfbe1472ed70d",
                            "network_interface": "eni-842d92c7",
                            "private_ip": "10.114.0.6",
                            "public_ip": "35.160.211.238",
                            "vpc": "true"
                        },
                        "meta": {},
                        "tainted": false
                    },
                    "deposed": [],
                    "provider": ""
                },
                "aws_eip.k8s_etcd_eip.4": {
                    "type": "aws_eip",
                    "depends_on": [
                        "aws_network_interface.k8s_etcd"
                    ],
                    "primary": {
                        "id": "eipalloc-3f260258",
                        "attributes": {
                            "association_id": "eipassoc-210f1e5a",
                            "domain": "vpc",
                            "id": "eipalloc-3f260258",
                            "instance": "i-02fac557cda9f8db4",
                            "network_interface": "eni-c5d8e0b4",
                            "private_ip": "10.114.7.73",
                            "public_ip": "35.167.79.193",
                            "vpc": "true"
                        },
                        "meta": {},
                        "tainted": false
                    },
                    "deposed": [],
                    "provider": ""
                },
                "aws_eip.k8s_etcd_eip.5": {
                    "type": "aws_eip",
                    "depends_on": [
                        "aws_network_interface.k8s_etcd"
                    ],
                    "primary": {
                        "id": "eipalloc-365b7f51",
                        "attributes": {
                            "association_id": "eipassoc-f706178c",
                            "domain": "vpc",
                            "id": "eipalloc-365b7f51",
                            "instance": "i-0977ce3627f7f8260",
                            "network_interface": "eni-6a97cb3a",
                            "private_ip": "10.114.8.117",
                            "public_ip": "35.166.130.235",
                            "vpc": "true"
                        },
                        "meta": {},
                        "tainted": false
                    },
                    "deposed": [],
                    "provider": ""
                },
                "aws_eip.k8s_master_eip": {
                    "type": "aws_eip",
                    "depends_on": [],
                    "primary": {
                        "id": "eipalloc-8e125eb4",
                        "attributes": {
                            "association_id": "eipassoc-5a5eea67",
                            "domain": "vpc",
                            "id": "eipalloc-8e125eb4",
                            "instance": "i-0f0ef99910175fd46",
                            "network_interface": "eni-e29033de",
                            "private_ip": "10.114.3.176",
                            "public_ip": "34.209.86.79",
                            "vpc": "true"
                        },
                        "meta": {},
                        "tainted": false
                    },
                    "deposed": [],
                    "provider": ""
                },
                "aws_elb.k8s_master": {
                    "type": "aws_elb",
                    "depends_on": [
                        "aws_security_group.k8s_master_instance",
                        "null_resource.k8s_cluster"
                    ],
                    "primary": {
                        "id": "pipeline-k8s-master-elb",
                        "attributes": {
                            "access_logs.#": "0",
                            "availability_zones.#": "1",
                            "availability_zones.2487133097": "us-west-2a",
                            "connection_draining": "false",
                            "connection_draining_timeout": "300",
                            "cross_zone_load_balancing": "true",
                            "dns_name": "internal-pipeline-k8s-master-elb-322116945.us-west-2.elb.amazonaws.com",
                            "health_check.#": "1",
                            "health_check.0.healthy_threshold": "2",
                            "health_check.0.interval": "30",
                            "health_check.0.target": "TCP:443",
                            "health_check.0.timeout": "3",
                            "health_check.0.unhealthy_threshold": "2",
                            "id": "pipeline-k8s-master-elb",
                            "idle_timeout": "1800",
                            "instances.#": "1",
                            "instances.1370023933": "i-0f0ef99910175fd46",
                            "internal": "true",
                            "listener.#": "1",
                            "listener.610193557.instance_port": "443",
                            "listener.610193557.instance_protocol": "tcp",
                            "listener.610193557.lb_port": "443",
                            "listener.610193557.lb_protocol": "tcp",
                            "listener.610193557.ssl_certificate_id": "",
                            "name": "pipeline-k8s-master-elb",
                            "security_groups.#": "2",
                            "security_groups.3114747539": "sg-da6c1bbc",
                            "security_groups.3875698878": "sg-3d5caf44",
                            "source_security_group": "517449413234/pipeline-instance",
                            "source_security_group_id": "sg-da6c1bbc",
                            "subnets.#": "1",
                            "subnets.2687197175": "subnet-3658d640",
                            "tags.%": "7",
                            "tags.Hostname": "us-west-2_jive-infra-pipeline-master1",
                            "tags.Jive_service": "us-west-2_jive-infra-pipeline",
                            "tags.Name": "pipeline-k8s_master-elb",
                            "tags.Pipeline_phase": "pipeline",
                            "tags.Region": "us-west-2",
                            "tags.SLA": "non-prod",
                            "tags.Service_component": "k8s-master",
                            "zone_id": "Z1H1FL5HABSF5"
                        },
                        "meta": {},
                        "tainted": false
                    },
                    "deposed": [],
                    "provider": ""
                },
                "aws_iam_instance_profile.k8s-master": {
                    "type": "aws_iam_instance_profile",
                    "depends_on": [
                        "aws_iam_role.k8s-master",
                        "null_resource.k8s_cluster"
                    ],
                    "primary": {
                        "id": "us-west-2_jive-infra-pipeline-k8s-master-profile",
                        "attributes": {
                            "arn": "arn:aws:iam::517449413234:instance-profile/us-west-2_jive-infra-pipeline-k8s-master-profile",
                            "id": "us-west-2_jive-infra-pipeline-k8s-master-profile",
                            "name": "us-west-2_jive-infra-pipeline-k8s-master-profile",
                            "path": "/",
                            "roles.#": "1",
                            "roles.971730641": "us-west-2_jive-infra-pipeline-master-role",
                            "unique_id": "AIPAJ6BYSOHPOVHTJKDYK"
                        },
                        "meta": {},
                        "tainted": false
                    },
                    "deposed": [],
                    "provider": ""
                },
                "aws_iam_instance_profile.k8s-node": {
                    "type": "aws_iam_instance_profile",
                    "depends_on": [
                        "aws_iam_role.k8s-node",
                        "null_resource.k8s_cluster"
                    ],
                    "primary": {
                        "id": "us-west-2_jive-infra-pipeline-k8s-node-profile",
                        "attributes": {
                            "arn": "arn:aws:iam::517449413234:instance-profile/us-west-2_jive-infra-pipeline-k8s-node-profile",
                            "id": "us-west-2_jive-infra-pipeline-k8s-node-profile",
                            "name": "us-west-2_jive-infra-pipeline-k8s-node-profile",
                            "path": "/",
                            "roles.#": "1",
                            "roles.1775834666": "us-west-2_jive-infra-pipeline-node-role",
                            "unique_id": "AIPAJEQJQRYJV7OFYOIGG"
                        },
                        "meta": {},
                        "tainted": false
                    },
                    "deposed": [],
                    "provider": ""
                },
                "aws_iam_role.k8s-master": {
                    "type": "aws_iam_role",
                    "depends_on": [
                        "null_resource.k8s_cluster"
                    ],
                    "primary": {
                        "id": "us-west-2_jive-infra-pipeline-master-role",
                        "attributes": {
                            "arn": "arn:aws:iam::517449413234:role/us-west-2_jive-infra-pipeline-master-role",
                            "assume_role_policy": "{\"Version\":\"2012-10-17\",\"Statement\":[{\"Sid\":\"\",\"Effect\":\"Allow\",\"Principal\":{\"Service\":\"ec2.amazonaws.com\"},\"Action\":\"sts:AssumeRole\"}]}",
                            "create_date": "2016-09-06T23:15:03Z",
                            "id": "us-west-2_jive-infra-pipeline-master-role",
                            "name": "us-west-2_jive-infra-pipeline-master-role",
                            "path": "/",
                            "unique_id": "AROAJCTNOGPZNEF5IPOG4"
                        },
                        "meta": {},
                        "tainted": false
                    },
                    "deposed": [],
                    "provider": ""
                },
                "aws_iam_role.k8s-node": {
                    "type": "aws_iam_role",
                    "depends_on": [
                        "null_resource.k8s_cluster"
                    ],
                    "primary": {
                        "id": "us-west-2_jive-infra-pipeline-node-role",
                        "attributes": {
                            "arn": "arn:aws:iam::517449413234:role/us-west-2_jive-infra-pipeline-node-role",
                            "assume_role_policy": "{\"Version\":\"2012-10-17\",\"Statement\":[{\"Sid\":\"\",\"Effect\":\"Allow\",\"Principal\":{\"Service\":\"ec2.amazonaws.com\"},\"Action\":\"sts:AssumeRole\"}]}",
                            "create_date": "2016-09-06T23:15:03Z",
                            "id": "us-west-2_jive-infra-pipeline-node-role",
                            "name": "us-west-2_jive-infra-pipeline-node-role",
                            "path": "/",
                            "unique_id": "AROAJNDBK457XV77KBVJO"
                        },
                        "meta": {},
                        "tainted": false
                    },
                    "deposed": [],
                    "provider": ""
                },
                "aws_iam_role_policy.k8s-master": {
                    "type": "aws_iam_role_policy",
                    "depends_on": [
                        "aws_iam_role.k8s-master",
                        "null_resource.k8s_cluster"
                    ],
                    "primary": {
                        "id": "us-west-2_jive-infra-pipeline-master-role:us-west-2_jive-infra-pipeline-master-policy",
                        "attributes": {
                            "id": "us-west-2_jive-infra-pipeline-master-role:us-west-2_jive-infra-pipeline-master-policy",
                            "name": "us-west-2_jive-infra-pipeline-master-policy",
                            "policy": "{\n    \"Version\": \"2012-10-17\",\n    \"Statement\": [\n        {\n            \"Effect\": \"Allow\",\n            \"Action\": [\"ec2:*\"],\n            \"Resource\": [\"*\"]\n        },\n        {\n            \"Effect\": \"Allow\",\n            \"Action\": [\"elasticloadbalancing:*\"],\n            \"Resource\": [\"*\"]\n        },\n        {\n            \"Effect\": \"Allow\",\n            \"Action\": [\n                \"ec2:Describe*\",\n                \"ec2:AttachVolume\",\n                \"ec2:DetachVolume\",\n                \"route53:ListHostedZones\",\n                \"route53:ListResourceRecordSets\",\n                \"rds:Describe*\",\n                \"elasticache:Describe*\",\n                \"s3:GetObject\",\n                \"s3:PutObject\",\n                \"s3:ListAllMyBuckets\",\n                \"s3:ListBucket\",\n                \"s3:GetBucketLocation\"\n            ],\n            \"Resource\": \"*\"\n        }\n    ]\n}\n",
                            "role": "us-west-2_jive-infra-pipeline-master-role"
                        },
                        "meta": {},
                        "tainted": false
                    },
                    "deposed": [],
                    "provider": ""
                },
                "aws_iam_role_policy.k8s-node": {
                    "type": "aws_iam_role_policy",
                    "depends_on": [
                        "aws_iam_role.k8s-node",
                        "null_resource.k8s_cluster"
                    ],
                    "primary": {
                        "id": "us-west-2_jive-infra-pipeline-node-role:us-west-2_jive-infra-pipeline-node-policy",
                        "attributes": {
                            "id": "us-west-2_jive-infra-pipeline-node-role:us-west-2_jive-infra-pipeline-node-policy",
                            "name": "us-west-2_jive-infra-pipeline-node-policy",
                            "policy": "{\n    \"Version\": \"2012-10-17\",\n    \"Statement\": [\n        {\n            \"Effect\": \"Allow\",\n            \"Action\": [\n                \"ec2:Describe*\",\n                \"ec2:AttachVolume\",\n                \"ec2:DetachVolume\",\n                \"ec2:AttachNetworkInterface\",\n                \"ec2:DetachNetworkInterface\",\n                \"route53:ListHostedZones\",\n                \"route53:ListResourceRecordSets\",\n                \"rds:Describe*\",\n                \"elasticache:Describe*\",\n                \"s3:GetObject\",\n                \"s3:ListAllMyBuckets\",\n                \"s3:ListBucket\",\n                \"s3:PutObject\",\n                \"s3:CreateBucket\",\n                \"s3:GetBucketLocation\"\n            ],\n            \"Resource\": \"*\"\n        }\n    ]\n}\n",
                            "role": "us-west-2_jive-infra-pipeline-node-role"
                        },
                        "meta": {},
                        "tainted": false
                    },
                    "deposed": [],
                    "provider": ""
                },
                "aws_launch_configuration.k8s_etcd": {
                    "type": "aws_launch_configuration",
                    "depends_on": [],
                    "primary": {
                        "id": "terraform-00b271bd9ec8d90b8bc8508644",
                        "attributes": {
                            "associate_public_ip_address": "false",
                            "ebs_block_device.#": "0",
                            "ebs_optimized": "false",
                            "enable_monitoring": "true",
                            "ephemeral_block_device.#": "0",
                            "iam_instance_profile": "us-west-2_jive-infra-pipeline-k8s-node-profile",
                            "id": "terraform-00b271bd9ec8d90b8bc8508644",
                            "image_id": "ami-bdf943dd",
                            "instance_type": "t2.medium",
                            "key_name": "infra-pipeline",
                            "name": "terraform-00b271bd9ec8d90b8bc8508644",
                            "root_block_device.#": "1",
                            "root_block_device.0.delete_on_termination": "true",
                            "root_block_device.0.iops": "0",
                            "root_block_device.0.volume_size": "20",
                            "root_block_device.0.volume_type": "gp2",
                            "security_groups.#": "2",
                            "security_groups.2948382973": "sg-345caf4d",
                            "security_groups.3114747539": "sg-da6c1bbc",
                            "spot_price": "",
                            "user_data": "d3b9c77433c0a78e673c37a16112fe1aa5d207b3",
                            "vpc_classic_link_id": "",
                            "vpc_classic_link_security_groups.#": "0"
                        },
                        "meta": {},
                        "tainted": false
                    },
                    "deposed": [],
                    "provider": ""
                },
                "aws_launch_configuration.k8s_master": {
                    "type": "aws_launch_configuration",
                    "depends_on": [],
                    "primary": {
                        "id": "terraform-00b271bd9ec8d90b8bc8508646",
                        "attributes": {
                            "associate_public_ip_address": "false",
                            "ebs_block_device.#": "0",
                            "ebs_optimized": "false",
                            "enable_monitoring": "true",
                            "ephemeral_block_device.#": "0",
                            "iam_instance_profile": "us-west-2_jive-infra-pipeline-k8s-master-profile",
                            "id": "terraform-00b271bd9ec8d90b8bc8508646",
                            "image_id": "ami-bdf943dd",
                            "instance_type": "m4.xlarge",
                            "key_name": "infra-pipeline",
                            "name": "terraform-00b271bd9ec8d90b8bc8508646",
                            "root_block_device.#": "1",
                            "root_block_device.0.delete_on_termination": "true",
                            "root_block_device.0.iops": "0",
                            "root_block_device.0.volume_size": "100",
                            "root_block_device.0.volume_type": "gp2",
                            "security_groups.#": "2",
                            "security_groups.3114747539": "sg-da6c1bbc",
                            "security_groups.3875698878": "sg-3d5caf44",
                            "spot_price": "",
                            "user_data": "d3b9c77433c0a78e673c37a16112fe1aa5d207b3",
                            "vpc_classic_link_id": "",
                            "vpc_classic_link_security_groups.#": "0"
                        },
                        "meta": {},
                        "tainted": false
                    },
                    "deposed": [],
                    "provider": ""
                },
                "aws_launch_configuration.k8s_worker": {
                    "type": "aws_launch_configuration",
                    "depends_on": [],
                    "primary": {
                        "id": "terraform-00b271bd9ec8d90b8bc8508645",
                        "attributes": {
                            "associate_public_ip_address": "false",
                            "ebs_block_device.#": "0",
                            "ebs_optimized": "false",
                            "enable_monitoring": "true",
                            "ephemeral_block_device.#": "0",
                            "iam_instance_profile": "us-west-2_jive-infra-pipeline-k8s-node-profile",
                            "id": "terraform-00b271bd9ec8d90b8bc8508645",
                            "image_id": "ami-bdf943dd",
                            "instance_type": "t2.medium",
                            "key_name": "infra-pipeline",
                            "name": "terraform-00b271bd9ec8d90b8bc8508645",
                            "root_block_device.#": "1",
                            "root_block_device.0.delete_on_termination": "true",
                            "root_block_device.0.iops": "0",
                            "root_block_device.0.volume_size": "50",
                            "root_block_device.0.volume_type": "gp2",
                            "security_groups.#": "2",
                            "security_groups.2544852714": "sg-355caf4c",
                            "security_groups.3114747539": "sg-da6c1bbc",
                            "spot_price": "",
                            "user_data": "d3b9c77433c0a78e673c37a16112fe1aa5d207b3",
                            "vpc_classic_link_id": "",
                            "vpc_classic_link_security_groups.#": "0"
                        },
                        "meta": {},
                        "tainted": false
                    },
                    "deposed": [],
                    "provider": ""
                },
                "aws_network_interface.k8s_etcd.0": {
                    "type": "aws_network_interface",
                    "depends_on": [
                        "aws_security_group.k8s_etcd_instance",
                        "data.aws_subnet.natdc",
                        "null_resource.k8s_cluster"
                    ],
                    "primary": {
                        "id": "eni-9e3cedd0",
                        "attributes": {
                            "attachment.#": "1",
                            "attachment.3570006134.attachment_id": "eni-attach-01652ceb",
                            "attachment.3570006134.device_index": "1",
                            "attachment.3570006134.instance": "i-0567ac567f3ed4a67",
                            "description": "",
                            "id": "eni-9e3cedd0",
                            "private_ips.#": "1",
                            "private_ips.1218046536": "10.114.0.106",
                            "security_groups.#": "2",
                            "security_groups.2948382973": "sg-345caf4d",
                            "security_groups.3114747539": "sg-da6c1bbc",
                            "source_dest_check": "true",
                            "subnet_id": "subnet-3658d640",
                            "tags.%": "8",
                            "tags.Hostname": "us-west-2_jive-infra-pipeline-etcd1",
                            "tags.Jive_service": "us-west-2_jive-infra-pipeline",
                            "tags.KubernetesCluster": "us-west-2_jive-infra-pipeline",
                            "tags.Name": "pipeline-k8s-etcd-instance",
                            "tags.Pipeline_phase": "pipeline",
                            "tags.Region": "us-west-2",
                            "tags.SLA": "non-prod",
                            "tags.Service_component": "k8s-etcd"
                        },
                        "meta": {},
                        "tainted": false
                    },
                    "deposed": [],
                    "provider": ""
                },
                "aws_network_interface.k8s_etcd.1": {
                    "type": "aws_network_interface",
                    "depends_on": [
                        "aws_security_group.k8s_etcd_instance",
                        "data.aws_subnet.natdc",
                        "null_resource.k8s_cluster"
                    ],
                    "primary": {
                        "id": "eni-1cc5d860",
                        "attributes": {
                            "attachment.#": "1",
                            "attachment.2926009090.attachment_id": "eni-attach-010821e8",
                            "attachment.2926009090.device_index": "1",
                            "attachment.2926009090.instance": "i-08bf2571dbb4eb9a9",
                            "description": "",
                            "id": "eni-1cc5d860",
                            "private_ips.#": "1",
                            "private_ips.3090298568": "10.114.4.202",
                            "security_groups.#": "2",
                            "security_groups.2948382973": "sg-345caf4d",
                            "security_groups.3114747539": "sg-da6c1bbc",
                            "source_dest_check": "true",
                            "subnet_id": "subnet-f3e69197",
                            "tags.%": "8",
                            "tags.Hostname": "us-west-2_jive-infra-pipeline-etcd2",
                            "tags.Jive_service": "us-west-2_jive-infra-pipeline",
                            "tags.KubernetesCluster": "us-west-2_jive-infra-pipeline",
                            "tags.Name": "pipeline-k8s-etcd-instance",
                            "tags.Pipeline_phase": "pipeline",
                            "tags.Region": "us-west-2",
                            "tags.SLA": "non-prod",
                            "tags.Service_component": "k8s-etcd"
                        },
                        "meta": {},
                        "tainted": false
                    },
                    "deposed": [],
                    "provider": ""
                },
                "aws_network_interface.k8s_etcd.2": {
                    "type": "aws_network_interface",
                    "depends_on": [
                        "aws_security_group.k8s_etcd_instance",
                        "data.aws_subnet.natdc",
                        "null_resource.k8s_cluster"
                    ],
                    "primary": {
                        "id": "eni-6bd20c35",
                        "attributes": {
                            "attachment.#": "1",
                            "attachment.1925487393.attachment_id": "eni-attach-c69eefbd",
                            "attachment.1925487393.device_index": "1",
                            "attachment.1925487393.instance": "i-06b1b09cbe6bc4a03",
                            "description": "",
                            "id": "eni-6bd20c35",
                            "private_ips.#": "1",
                            "private_ips.2013532928": "10.114.9.96",
                            "security_groups.#": "2",
                            "security_groups.2948382973": "sg-345caf4d",
                            "security_groups.3114747539": "sg-da6c1bbc",
                            "source_dest_check": "true",
                            "subnet_id": "subnet-c9ba6c91",
                            "tags.%": "8",
                            "tags.Hostname": "us-west-2_jive-infra-pipeline-etcd3",
                            "tags.Jive_service": "us-west-2_jive-infra-pipeline",
                            "tags.KubernetesCluster": "us-west-2_jive-infra-pipeline",
                            "tags.Name": "pipeline-k8s-etcd-instance",
                            "tags.Pipeline_phase": "pipeline",
                            "tags.Region": "us-west-2",
                            "tags.SLA": "non-prod",
                            "tags.Service_component": "k8s-etcd"
                        },
                        "meta": {},
                        "tainted": false
                    },
                    "deposed": [],
                    "provider": ""
                },
                "aws_network_interface.k8s_etcd.3": {
                    "type": "aws_network_interface",
                    "depends_on": [
                        "aws_security_group.k8s_etcd_instance",
                        "data.aws_subnet.natdc",
                        "null_resource.k8s_cluster"
                    ],
                    "primary": {
                        "id": "eni-842d92c7",
                        "attributes": {
                            "attachment.#": "1",
                            "attachment.147697013.attachment_id": "eni-attach-cf7e3725",
                            "attachment.147697013.device_index": "1",
                            "attachment.147697013.instance": "i-0fd9cfbe1472ed70d",
                            "description": "",
                            "id": "eni-842d92c7",
                            "private_ips.#": "1",
                            "private_ips.2480862278": "10.114.0.6",
                            "security_groups.#": "2",
                            "security_groups.2948382973": "sg-345caf4d",
                            "security_groups.3114747539": "sg-da6c1bbc",
                            "source_dest_check": "true",
                            "subnet_id": "subnet-3658d640",
                            "tags.%": "8",
                            "tags.Hostname": "us-west-2_jive-infra-pipeline-etcd4",
                            "tags.Jive_service": "us-west-2_jive-infra-pipeline",
                            "tags.KubernetesCluster": "us-west-2_jive-infra-pipeline",
                            "tags.Name": "pipeline-k8s-etcd-instance",
                            "tags.Pipeline_phase": "pipeline",
                            "tags.Region": "us-west-2",
                            "tags.SLA": "non-prod",
                            "tags.Service_component": "k8s-etcd"
                        },
                        "meta": {},
                        "tainted": false
                    },
                    "deposed": [],
                    "provider": ""
                },
                "aws_network_interface.k8s_etcd.4": {
                    "type": "aws_network_interface",
                    "depends_on": [
                        "aws_security_group.k8s_etcd_instance",
                        "data.aws_subnet.natdc",
                        "null_resource.k8s_cluster"
                    ],
                    "primary": {
                        "id": "eni-c5d8e0b4",
                        "attributes": {
                            "attachment.#": "1",
                            "attachment.1431821848.attachment_id": "eni-attach-aa2b0243",
                            "attachment.1431821848.device_index": "1",
                            "attachment.1431821848.instance": "i-02fac557cda9f8db4",
                            "description": "",
                            "id": "eni-c5d8e0b4",
                            "private_ips.#": "1",
                            "private_ips.1983036722": "10.114.7.73",
                            "security_groups.#": "2",
                            "security_groups.2948382973": "sg-345caf4d",
                            "security_groups.3114747539": "sg-da6c1bbc",
                            "source_dest_check": "true",
                            "subnet_id": "subnet-f3e69197",
                            "tags.%": "8",
                            "tags.Hostname": "us-west-2_jive-infra-pipeline-etcd5",
                            "tags.Jive_service": "us-west-2_jive-infra-pipeline",
                            "tags.KubernetesCluster": "us-west-2_jive-infra-pipeline",
                            "tags.Name": "pipeline-k8s-etcd-instance",
                            "tags.Pipeline_phase": "pipeline",
                            "tags.Region": "us-west-2",
                            "tags.SLA": "non-prod",
                            "tags.Service_component": "k8s-etcd"
                        },
                        "meta": {},
                        "tainted": false
                    },
                    "deposed": [],
                    "provider": ""
                },
                "aws_network_interface.k8s_etcd.5": {
                    "type": "aws_network_interface",
                    "depends_on": [
                        "aws_security_group.k8s_etcd_instance",
                        "data.aws_subnet.natdc",
                        "null_resource.k8s_cluster"
                    ],
                    "primary": {
                        "id": "eni-6a97cb3a",
                        "attributes": {
                            "attachment.#": "1",
                            "attachment.914922038.attachment_id": "eni-attach-6094e51b",
                            "attachment.914922038.device_index": "1",
                            "attachment.914922038.instance": "i-0977ce3627f7f8260",
                            "description": "",
                            "id": "eni-6a97cb3a",
                            "private_ips.#": "1",
                            "private_ips.385196126": "10.114.8.117",
                            "security_groups.#": "2",
                            "security_groups.2948382973": "sg-345caf4d",
                            "security_groups.3114747539": "sg-da6c1bbc",
                            "source_dest_check": "true",
                            "subnet_id": "subnet-c9ba6c91",
                            "tags.%": "8",
                            "tags.Hostname": "us-west-2_jive-infra-pipeline-etcd6",
                            "tags.Jive_service": "us-west-2_jive-infra-pipeline",
                            "tags.KubernetesCluster": "us-west-2_jive-infra-pipeline",
                            "tags.Name": "pipeline-k8s-etcd-instance",
                            "tags.Pipeline_phase": "pipeline",
                            "tags.Region": "us-west-2",
                            "tags.SLA": "non-prod",
                            "tags.Service_component": "k8s-etcd"
                        },
                        "meta": {},
                        "tainted": false
                    },
                    "deposed": [],
                    "provider": ""
                },
                "aws_s3_bucket.logging": {
                    "type": "aws_s3_bucket",
                    "depends_on": [
                        "data.aws_iam_policy_document.logging"
                    ],
                    "primary": {
                        "id": "us-west-2-jive-infra-pipeline-logs",
                        "attributes": {
                            "acceleration_status": "",
                            "acl": "private",
                            "arn": "arn:aws:s3:::us-west-2-jive-infra-pipeline-logs",
                            "bucket": "us-west-2-jive-infra-pipeline-logs",
                            "bucket_domain_name": "us-west-2-jive-infra-pipeline-logs.s3.amazonaws.com",
                            "force_destroy": "false",
                            "hosted_zone_id": "Z3BJ6K6RIION7M",
                            "id": "us-west-2-jive-infra-pipeline-logs",
                            "policy": "{\"Statement\":[{\"Action\":\"s3:PutObject\",\"Effect\":\"Allow\",\"Principal\":{\"AWS\":[\"arn:aws:iam::517449413234:role/us-west-2_jive-infra-pipeline-master-role\",\"arn:aws:iam::517449413234:role/us-west-2_jive-infra-pipeline-node-role\"]},\"Resource\":\"arn:aws:s3:::us-west-2-jive-infra-pipeline-logs/*\",\"Sid\":\"Logs\"}],\"Version\":\"2012-10-17\"}",
                            "region": "us-west-2",
                            "request_payer": "BucketOwner",
                            "tags.%": "5",
                            "tags.KubernetesCluster": "us-west-2_jive-infra-pipeline",
                            "tags.Name": "us-west-2-jive-infra-pipeline-logs",
                            "tags.pipeline_phase": "pipeline",
                            "tags.region": "us-west-2",
                            "tags.service_component": "logs",
                            "versioning.#": "1",
                            "versioning.0.enabled": "false",
                            "versioning.0.mfa_delete": "false",
                            "website.#": "0"
                        },
                        "meta": {},
                        "tainted": false
                    },
                    "deposed": [],
                    "provider": ""
                },
                "aws_security_group.k8s_etcd_instance": {
                    "type": "aws_security_group",
                    "depends_on": [
                        "aws_security_group.k8s_master_instance",
                        "aws_security_group.k8s_worker_instance",
                        "null_resource.k8s_cluster"
                    ],
                    "primary": {
                        "id": "sg-345caf4d",
                        "attributes": {
                            "description": "Access to K8S etcd nodes",
                            "egress.#": "0",
                            "id": "sg-345caf4d",
                            "ingress.#": "2",
                            "ingress.2251983051.cidr_blocks.#": "0",
                            "ingress.2251983051.from_port": "2380",
                            "ingress.2251983051.ipv6_cidr_blocks.#": "0",
                            "ingress.2251983051.protocol": "tcp",
                            "ingress.2251983051.security_groups.#": "2",
                            "ingress.2251983051.security_groups.2544852714": "sg-355caf4c",
                            "ingress.2251983051.security_groups.3875698878": "sg-3d5caf44",
                            "ingress.2251983051.self": "true",
                            "ingress.2251983051.to_port": "2380",
                            "ingress.2722880081.cidr_blocks.#": "0",
                            "ingress.2722880081.from_port": "2379",
                            "ingress.2722880081.ipv6_cidr_blocks.#": "0",
                            "ingress.2722880081.protocol": "tcp",
                            "ingress.2722880081.security_groups.#": "2",
                            "ingress.2722880081.security_groups.2544852714": "sg-355caf4c",
                            "ingress.2722880081.security_groups.3875698878": "sg-3d5caf44",
                            "ingress.2722880081.self": "true",
                            "ingress.2722880081.to_port": "2379",
                            "name": "us-west-2_jive-infra-pipeline-kubernetes-etcd-instance",
                            "owner_id": "517449413234",
                            "tags.%": "6",
                            "tags.Name": "us-west-2_jive-infra-pipeline-etcd-instance",
                            "tags.jive_service": "k8s",
                            "tags.pipeline_phase": "pipeline",
                            "tags.region": "us-west-2",
                            "tags.service_component": "k8s-etcd",
                            "tags.sla": "non-prod",
                            "vpc_id": "vpc-1ad6907e"
                        },
                        "meta": {},
                        "tainted": false
                    },
                    "deposed": [],
                    "provider": ""
                },
                "aws_security_group.k8s_master_instance": {
                    "type": "aws_security_group",
                    "depends_on": [
                        "null_resource.k8s_cluster"
                    ],
                    "primary": {
                        "id": "sg-3d5caf44",
                        "attributes": {
                            "description": "Access to K8S Master nodes",
                            "egress.#": "0",
                            "id": "sg-3d5caf44",
                            "ingress.#": "3",
                            "ingress.2885713073.cidr_blocks.#": "1",
                            "ingress.2885713073.cidr_blocks.0": "10.0.0.0/8",
                            "ingress.2885713073.from_port": "8080",
                            "ingress.2885713073.ipv6_cidr_blocks.#": "0",
                            "ingress.2885713073.protocol": "tcp",
                            "ingress.2885713073.security_groups.#": "0",
                            "ingress.2885713073.self": "true",
                            "ingress.2885713073.to_port": "8080",
                            "ingress.3388803068.cidr_blocks.#": "0",
                            "ingress.3388803068.from_port": "0",
                            "ingress.3388803068.ipv6_cidr_blocks.#": "0",
                            "ingress.3388803068.protocol": "-1",
                            "ingress.3388803068.security_groups.#": "1",
                            "ingress.3388803068.security_groups.2544852714": "sg-355caf4c",
                            "ingress.3388803068.self": "false",
                            "ingress.3388803068.to_port": "0",
                            "ingress.691539513.cidr_blocks.#": "1",
                            "ingress.691539513.cidr_blocks.0": "10.0.0.0/8",
                            "ingress.691539513.from_port": "443",
                            "ingress.691539513.ipv6_cidr_blocks.#": "0",
                            "ingress.691539513.protocol": "tcp",
                            "ingress.691539513.security_groups.#": "0",
                            "ingress.691539513.self": "true",
                            "ingress.691539513.to_port": "443",
                            "name": "us-west-2_jive-infra-pipeline-master-instance",
                            "owner_id": "517449413234",
                            "tags.%": "6",
                            "tags.Name": "us-west-2_jive-infra-pipeline-master-instance",
                            "tags.jive_service": "k8s",
                            "tags.pipeline_phase": "pipeline",
                            "tags.region": "us-west-2",
                            "tags.service_component": "k8s-master",
                            "tags.sla": "non-prod",
                            "vpc_id": "vpc-1ad6907e"
                        },
                        "meta": {},
                        "tainted": false
                    },
                    "deposed": [],
                    "provider": ""
                },
                "aws_security_group.k8s_worker_instance": {
                    "type": "aws_security_group",
                    "depends_on": [
                        "aws_security_group.k8s_master_instance",
                        "null_resource.k8s_cluster"
                    ],
                    "primary": {
                        "id": "sg-355caf4c",
                        "attributes": {
                            "description": "Allow traffic to K8S worker nodes",
                            "egress.#": "0",
                            "id": "sg-355caf4c",
                            "ingress.#": "4",
                            "ingress.1041674355.cidr_blocks.#": "0",
                            "ingress.1041674355.from_port": "8472",
                            "ingress.1041674355.ipv6_cidr_blocks.#": "0",
                            "ingress.1041674355.protocol": "udp",
                            "ingress.1041674355.security_groups.#": "1",
                            "ingress.1041674355.security_groups.1689941595": "sg-d35124a8",
                            "ingress.1041674355.self": "false",
                            "ingress.1041674355.to_port": "8472",
                            "ingress.1467436041.cidr_blocks.#": "1",
                            "ingress.1467436041.cidr_blocks.0": "10.114.0.0/20",
                            "ingress.1467436041.from_port": "30000",
                            "ingress.1467436041.ipv6_cidr_blocks.#": "0",
                            "ingress.1467436041.protocol": "tcp",
                            "ingress.1467436041.security_groups.#": "0",
                            "ingress.1467436041.self": "false",
                            "ingress.1467436041.to_port": "32767",
                            "ingress.3951032447.cidr_blocks.#": "0",
                            "ingress.3951032447.from_port": "0",
                            "ingress.3951032447.ipv6_cidr_blocks.#": "0",
                            "ingress.3951032447.protocol": "-1",
                            "ingress.3951032447.security_groups.#": "2",
                            "ingress.3951032447.security_groups.3346071212": "sg-61951818",
                            "ingress.3951032447.security_groups.4019886887": "sg-a79a17de",
                            "ingress.3951032447.self": "false",
                            "ingress.3951032447.to_port": "0",
                            "ingress.60942566.cidr_blocks.#": "0",
                            "ingress.60942566.from_port": "0",
                            "ingress.60942566.ipv6_cidr_blocks.#": "0",
                            "ingress.60942566.protocol": "-1",
                            "ingress.60942566.security_groups.#": "1",
                            "ingress.60942566.security_groups.3875698878": "sg-3d5caf44",
                            "ingress.60942566.self": "true",
                            "ingress.60942566.to_port": "0",
                            "name": "us-west-2_jive-infra-pipeline-worker-instance",
                            "owner_id": "517449413234",
                            "tags.%": "7",
                            "tags.KubernetesCluster": "us-west-2_jive-infra-pipeline",
                            "tags.Name": "us-west-2_jive-infra-pipeline-worker-instance",
                            "tags.jive_service": "k8s",
                            "tags.pipeline_phase": "pipeline",
                            "tags.region": "us-west-2",
                            "tags.service_component": "k8s-worker",
                            "tags.sla": "non-prod",
                            "vpc_id": "vpc-1ad6907e"
                        },
                        "meta": {},
                        "tainted": false
                    },
                    "deposed": [],
                    "provider": ""
                },
                "aws_security_group_rule.k8s_master_instance": {
                    "type": "aws_security_group_rule",
                    "depends_on": [
                        "aws_security_group.k8s_master_instance",
                        "aws_security_group.k8s_worker_instance"
                    ],
                    "primary": {
                        "id": "sgrule-3808100213",
                        "attributes": {
                            "cidr_blocks.#": "0",
                            "from_port": "0",
                            "id": "sgrule-3808100213",
                            "ipv6_cidr_blocks.#": "0",
                            "prefix_list_ids.#": "0",
                            "protocol": "-1",
                            "security_group_id": "sg-3d5caf44",
                            "self": "false",
                            "source_security_group_id": "sg-355caf4c",
                            "to_port": "0",
                            "type": "ingress"
                        },
                        "meta": {
                            "schema_version": "2"
                        },
                        "tainted": false
                    },
                    "deposed": [],
                    "provider": ""
                },
                "aws_security_group_rule.k8s_worker_instance": {
                    "type": "aws_security_group_rule",
                    "depends_on": [
                        "aws_security_group.k8s_worker_instance"
                    ],
                    "primary": {
                        "id": "sgrule-211452297",
                        "attributes": {
                            "cidr_blocks.#": "1",
                            "cidr_blocks.0": "10.114.0.0/20",
                            "from_port": "30000",
                            "id": "sgrule-211452297",
                            "ipv6_cidr_blocks.#": "0",
                            "prefix_list_ids.#": "0",
                            "protocol": "tcp",
                            "security_group_id": "sg-355caf4c",
                            "self": "false",
                            "to_port": "32767",
                            "type": "ingress"
                        },
                        "meta": {
                            "schema_version": "2"
                        },
                        "tainted": false
                    },
                    "deposed": [],
                    "provider": ""
                },
                "data.aws_availability_zones.available": {
                    "type": "aws_availability_zones",
                    "depends_on": [],
                    "primary": {
                        "id": "2017-07-01 04:44:04.487550772 +0000 UTC",
                        "attributes": {
                            "id": "2017-07-01 04:44:04.487550772 +0000 UTC",
                            "names.#": "3",
                            "names.0": "us-west-2a",
                            "names.1": "us-west-2b",
                            "names.2": "us-west-2c"
                        },
                        "meta": {},
                        "tainted": false
                    },
                    "deposed": [],
                    "provider": ""
                },
                "data.aws_iam_policy_document.logging": {
                    "type": "aws_iam_policy_document",
                    "depends_on": [
                        "aws_iam_role.k8s-master",
                        "aws_iam_role.k8s-node"
                    ],
                    "primary": {
                        "id": "3216737449",
                        "attributes": {
                            "id": "3216737449",
                            "json": "{\n  \"Version\": \"2012-10-17\",\n  \"Statement\": [\n    {\n      \"Sid\": \"Logs\",\n      \"Effect\": \"Allow\",\n      \"Action\": \"s3:PutObject\",\n      \"Resource\": \"arn:aws:s3:::us-west-2-jive-infra-pipeline-logs/*\",\n      \"Principal\": {\n        \"AWS\": [\n          \"arn:aws:iam::517449413234:role/us-west-2_jive-infra-pipeline-node-role\",\n          \"arn:aws:iam::517449413234:role/us-west-2_jive-infra-pipeline-master-role\"\n        ]\n      }\n    }\n  ]\n}",
                            "statement.#": "1",
                            "statement.0.actions.#": "1",
                            "statement.0.actions.315547055": "s3:PutObject",
                            "statement.0.condition.#": "0",
                            "statement.0.effect": "Allow",
                            "statement.0.not_actions.#": "0",
                            "statement.0.not_principals.#": "0",
                            "statement.0.not_resources.#": "0",
                            "statement.0.principals.#": "1",
                            "statement.0.principals.2295964956.identifiers.#": "2",
                            "statement.0.principals.2295964956.identifiers.1381357345": "arn:aws:iam::517449413234:role/us-west-2_jive-infra-pipeline-master-role",
                            "statement.0.principals.2295964956.identifiers.3607972006": "arn:aws:iam::517449413234:role/us-west-2_jive-infra-pipeline-node-role",
                            "statement.0.principals.2295964956.type": "AWS",
                            "statement.0.resources.#": "1",
                            "statement.0.resources.6951537": "arn:aws:s3:::us-west-2-jive-infra-pipeline-logs/*",
                            "statement.0.sid": "Logs"
                        },
                        "meta": {},
                        "tainted": false
                    },
                    "deposed": [],
                    "provider": ""
                },
                "data.aws_subnet.natdc.0": {
                    "type": "aws_subnet",
                    "depends_on": [
                        "data.aws_availability_zones.available"
                    ],
                    "primary": {
                        "id": "subnet-3658d640",
                        "attributes": {
                            "availability_zone": "us-west-2a",
                            "cidr_block": "10.114.0.0/22",
                            "default_for_az": "false",
                            "id": "subnet-3658d640",
                            "state": "available",
                            "tags.%": "7",
                            "tags.KubernetesCluster": "us-west-2_jive-infra-pipeline",
                            "tags.Name": "pipeline-natdc-subnet",
                            "tags.account_name": "jive-infra-pipeline",
                            "tags.kubernetes.io/role/internal-elb": "us-west-2_jive-infra-pipeline",
                            "tags.pipeline_phase": "pipeline",
                            "tags.region": "us-west-2",
                            "tags.sla": "non-prod",
                            "vpc_id": "vpc-1ad6907e"
                        },
                        "meta": {},
                        "tainted": false
                    },
                    "deposed": [],
                    "provider": ""
                },
                "data.aws_subnet.natdc.1": {
                    "type": "aws_subnet",
                    "depends_on": [
                        "data.aws_availability_zones.available"
                    ],
                    "primary": {
                        "id": "subnet-f3e69197",
                        "attributes": {
                            "availability_zone": "us-west-2b",
                            "cidr_block": "10.114.4.0/22",
                            "default_for_az": "false",
                            "id": "subnet-f3e69197",
                            "state": "available",
                            "tags.%": "7",
                            "tags.KubernetesCluster": "us-west-2_jive-infra-pipeline",
                            "tags.Name": "pipeline-natdc-subnet",
                            "tags.account_name": "jive-infra-pipeline",
                            "tags.kubernetes.io/role/internal-elb": "us-west-2_jive-infra-pipeline",
                            "tags.pipeline_phase": "pipeline",
                            "tags.region": "us-west-2",
                            "tags.sla": "non-prod",
                            "vpc_id": "vpc-1ad6907e"
                        },
                        "meta": {},
                        "tainted": false
                    },
                    "deposed": [],
                    "provider": ""
                },
                "data.aws_subnet.natdc.2": {
                    "type": "aws_subnet",
                    "depends_on": [
                        "data.aws_availability_zones.available"
                    ],
                    "primary": {
                        "id": "subnet-c9ba6c91",
                        "attributes": {
                            "availability_zone": "us-west-2c",
                            "cidr_block": "10.114.8.0/22",
                            "default_for_az": "false",
                            "id": "subnet-c9ba6c91",
                            "state": "available",
                            "tags.%": "7",
                            "tags.KubernetesCluster": "us-west-2_jive-infra-pipeline",
                            "tags.Name": "pipeline-natdc-subnet",
                            "tags.account_name": "jive-infra-pipeline",
                            "tags.kubernetes.io/role/internal-elb": "us-west-2_jive-infra-pipeline",
                            "tags.pipeline_phase": "pipeline",
                            "tags.region": "us-west-2",
                            "tags.sla": "non-prod",
                            "vpc_id": "vpc-1ad6907e"
                        },
                        "meta": {},
                        "tainted": false
                    },
                    "deposed": [],
                    "provider": ""
                },
                "data.aws_subnet.natdc.3": {
                    "type": "aws_subnet",
                    "depends_on": [
                        "data.aws_availability_zones.available"
                    ],
                    "primary": {
                        "id": "subnet-3658d640",
                        "attributes": {
                            "availability_zone": "us-west-2a",
                            "cidr_block": "10.114.0.0/22",
                            "default_for_az": "false",
                            "id": "subnet-3658d640",
                            "state": "available",
                            "tags.%": "7",
                            "tags.KubernetesCluster": "us-west-2_jive-infra-pipeline",
                            "tags.Name": "pipeline-natdc-subnet",
                            "tags.account_name": "jive-infra-pipeline",
                            "tags.kubernetes.io/role/internal-elb": "us-west-2_jive-infra-pipeline",
                            "tags.pipeline_phase": "pipeline",
                            "tags.region": "us-west-2",
                            "tags.sla": "non-prod",
                            "vpc_id": "vpc-1ad6907e"
                        },
                        "meta": {},
                        "tainted": false
                    },
                    "deposed": [],
                    "provider": ""
                },
                "data.aws_subnet.natdc.4": {
                    "type": "aws_subnet",
                    "depends_on": [
                        "data.aws_availability_zones.available"
                    ],
                    "primary": {
                        "id": "subnet-f3e69197",
                        "attributes": {
                            "availability_zone": "us-west-2b",
                            "cidr_block": "10.114.4.0/22",
                            "default_for_az": "false",
                            "id": "subnet-f3e69197",
                            "state": "available",
                            "tags.%": "7",
                            "tags.KubernetesCluster": "us-west-2_jive-infra-pipeline",
                            "tags.Name": "pipeline-natdc-subnet",
                            "tags.account_name": "jive-infra-pipeline",
                            "tags.kubernetes.io/role/internal-elb": "us-west-2_jive-infra-pipeline",
                            "tags.pipeline_phase": "pipeline",
                            "tags.region": "us-west-2",
                            "tags.sla": "non-prod",
                            "vpc_id": "vpc-1ad6907e"
                        },
                        "meta": {},
                        "tainted": false
                    },
                    "deposed": [],
                    "provider": ""
                },
                "data.aws_subnet.natdc.5": {
                    "type": "aws_subnet",
                    "depends_on": [
                        "data.aws_availability_zones.available"
                    ],
                    "primary": {
                        "id": "subnet-c9ba6c91",
                        "attributes": {
                            "availability_zone": "us-west-2c",
                            "cidr_block": "10.114.8.0/22",
                            "default_for_az": "false",
                            "id": "subnet-c9ba6c91",
                            "state": "available",
                            "tags.%": "7",
                            "tags.KubernetesCluster": "us-west-2_jive-infra-pipeline",
                            "tags.Name": "pipeline-natdc-subnet",
                            "tags.account_name": "jive-infra-pipeline",
                            "tags.kubernetes.io/role/internal-elb": "us-west-2_jive-infra-pipeline",
                            "tags.pipeline_phase": "pipeline",
                            "tags.region": "us-west-2",
                            "tags.sla": "non-prod",
                            "vpc_id": "vpc-1ad6907e"
                        },
                        "meta": {},
                        "tainted": false
                    },
                    "deposed": [],
                    "provider": ""
                },
                "data.template_file.cloud_config": {
                    "type": "template_file",
                    "depends_on": [
                        "aws_eip.k8s_master_eip",
                        "aws_elb.k8s_master",
                        "null_resource.k8s_cluster"
                    ],
                    "primary": {
                        "id": "2f8058a0bf2e48a97500ba70b4a8138184bd6d2918bda2d7eaf23e7d22fd5a0a",
                        "attributes": {
                            "id": "2f8058a0bf2e48a97500ba70b4a8138184bd6d2918bda2d7eaf23e7d22fd5a0a",
                            "rendered": "#cloud-config\ncoreos:\n  units:\n    - name: bootstrap.service\n      command: start\n      content: |\n        [Unit]\n        Requires=early-docker.service\n        After=early-docker.service\n        Description=Bootstraps the node\n        [Service]\n        Environment=\"DOCKER_HOST=unix:///var/run/early-docker.sock\"\n        Type=oneshot\n        RemainAfterExit=yes\n        ExecStart=/root/bootstrap.sh\n    - name: settimezone.service\n      command: start\n      content: |\n        [Unit]\n        Description=Set the timezone\n        [Service]\n        ExecStart=/usr/bin/timedatectl set-timezone UTC\n        RemainAfterExit=yes\n        Type=oneshot\nupdate:\n    reboot-strategy: off\nssh_authorized_keys:\n  - AAAAB3NzaC1yc2EAAAADAQABAAABAQDdUn7MngzRWLusJ+9S2MSibbJjkxV0fa5D6fUKJnGuYHxgL3vpMi+TLWRUIFv9tmBIxard8nS4/mNu6P0ENm5LmkAYPJngEMbCoQmpk89tbQIrlZrhr5FffP3fJfxzahEtYjEtNuBQuuMwrXN3hvuehVGWEu1lFG6WLYnejL0au2L4CJhCoV2g+b/uqTjsFVHhbGWvuazYL9SJmH2mWqEnbj2tj7goemU88bycisrMIvpKVWhu02KM2FUHgPwtoENi909LTpiD/y+3FzBwa7cpMNjmTmrzPbJTZ7gNNzSpPWHtCejE/B06+7lxSzbeRQP6q1Xb++bcVWODvh6qCb4b\nwrite_files:\n  - path: /etc/hosts\n    permissions: 0644\n    content: |\n      10.160.4.127 docker.phx1.jivehosted.com\n      10.160.70.25 pulp-slave\nwrite_files:\n  - path: /root/parse_manifest.sh\n    permissions: 0755\n    content: |\n      #!/usr/bin/bash\n      jq -c '.clusters[] | select(.clusterName == \"us-west-2_jive-infra-pipeline\") | .ansibleImageVersion' /tmp/cluster_manifest.json\nwrite_files:\n  - path: /root/pam_workaround.sh\n    permissions: 0755\n    content: |\n      #!/usr/bin/bash\n      if [[ -d /lib/pam.d ]]; then\n        rsync -a /lib/pam.d/ /etc/pam.d/\n        sed -i '/pam_systemd.so/d' /etc/pam.d/*\n        sed -i '/pam_nologin.so/d' /etc/pam.d/*\n      fi\nwrite_files:\n  - path: /root/bootstrap.sh\n    permissions: 0755\n    content: |\n      #!/usr/bin/bash\n      #\n      if [ -f /etc/coreos/update.conf ] ; then\n        rm  /etc/coreos/update.conf\n      fi\n\n      declare -r ansible_bucket=https://s3-us-west-2.amazonaws.com/jive-ansible-coreos-jive-infra-prod-usw2\n\n      # Get cluster manifest from S3 bucket\n      curl -XGET -s \\\n      --retry 3 \\\n      --retry-delay 5 \\\n      ${ansible_bucket}/cluster_manifest.json \\\n      --output /tmp/cluster_manifest.json\n\n      # Get ansible-coreos bootstrap script from S3 bucket\n      curl -XGET -s \\\n      --retry 3 \\\n      --retry-delay 5 \\\n      ${ansible_bucket}/run-ansible-container.sh \\\n      --output /tmp/run-ansible-container.sh\n\n      declare -r docker_image=$(bash /root/parse_manifest.sh | sed 's/\"//g')\n      bash -vx /root/pam_workaround.sh\n      bash -vx /tmp/run-ansible-container.sh ${docker_image}\n\n      exit 0\n\n# MASTER_EIP_ALLOC and ELB_NAME are passed from Terraform\n#MASTER_EIP_ALLOC:eipalloc-8e125eb4\n",
                            "template": "#cloud-config\ncoreos:\n  units:\n    - name: bootstrap.service\n      command: start\n      content: |\n        [Unit]\n        Requires=early-docker.service\n        After=early-docker.service\n        Description=Bootstraps the node\n        [Service]\n        Environment=\"DOCKER_HOST=unix:///var/run/early-docker.sock\"\n        Type=oneshot\n        RemainAfterExit=yes\n        ExecStart=/root/bootstrap.sh\n    - name: settimezone.service\n      command: start\n      content: |\n        [Unit]\n        Description=Set the timezone\n        [Service]\n        ExecStart=/usr/bin/timedatectl set-timezone UTC\n        RemainAfterExit=yes\n        Type=oneshot\nupdate:\n    reboot-strategy: off\nssh_authorized_keys:\n  - ${COREOS_AUTHKEY}\nwrite_files:\n  - path: /etc/hosts\n    permissions: 0644\n    content: |\n      ${DOCKER_REGISTRY}\n      ${PHX_PULP}\nwrite_files:\n  - path: /root/parse_manifest.sh\n    permissions: 0755\n    content: |\n      #!/usr/bin/bash\n      jq -c '.clusters[] | select(.clusterName == \"${KubernetesCluster}\") | .ansibleImageVersion' /tmp/cluster_manifest.json\nwrite_files:\n  - path: /root/pam_workaround.sh\n    permissions: 0755\n    content: |\n      #!/usr/bin/bash\n      if [[ -d /lib/pam.d ]]; then\n        rsync -a /lib/pam.d/ /etc/pam.d/\n        sed -i '/pam_systemd.so/d' /etc/pam.d/*\n        sed -i '/pam_nologin.so/d' /etc/pam.d/*\n      fi\nwrite_files:\n  - path: /root/bootstrap.sh\n    permissions: 0755\n    content: |\n      #!/usr/bin/bash\n      #\n      if [ -f /etc/coreos/update.conf ] ; then\n        rm  /etc/coreos/update.conf\n      fi\n\n      declare -r ansible_bucket=${ANSIBLE_BUCKET}\n\n      # Get cluster manifest from S3 bucket\n      curl -XGET -s \\\n      --retry 3 \\\n      --retry-delay 5 \\\n      $${ansible_bucket}/cluster_manifest.json \\\n      --output /tmp/cluster_manifest.json\n\n      # Get ansible-coreos bootstrap script from S3 bucket\n      curl -XGET -s \\\n      --retry 3 \\\n      --retry-delay 5 \\\n      $${ansible_bucket}/run-ansible-container.sh \\\n      --output /tmp/run-ansible-container.sh\n\n      declare -r docker_image=$$(bash /root/parse_manifest.sh | sed 's/\"//g')\n      bash -vx /root/pam_workaround.sh\n      bash -vx /tmp/run-ansible-container.sh $${docker_image}\n\n      exit 0\n\n# MASTER_EIP_ALLOC and ELB_NAME are passed from Terraform\n#MASTER_EIP_ALLOC:${MASTER_EIP_ALLOC}\n",
                            "vars.%": "7",
                            "vars.ANSIBLE_BUCKET": "https://s3-us-west-2.amazonaws.com/jive-ansible-coreos-jive-infra-prod-usw2",
                            "vars.COREOS_AUTHKEY": "AAAAB3NzaC1yc2EAAAADAQABAAABAQDdUn7MngzRWLusJ+9S2MSibbJjkxV0fa5D6fUKJnGuYHxgL3vpMi+TLWRUIFv9tmBIxard8nS4/mNu6P0ENm5LmkAYPJngEMbCoQmpk89tbQIrlZrhr5FffP3fJfxzahEtYjEtNuBQuuMwrXN3hvuehVGWEu1lFG6WLYnejL0au2L4CJhCoV2g+b/uqTjsFVHhbGWvuazYL9SJmH2mWqEnbj2tj7goemU88bycisrMIvpKVWhu02KM2FUHgPwtoENi909LTpiD/y+3FzBwa7cpMNjmTmrzPbJTZ7gNNzSpPWHtCejE/B06+7lxSzbeRQP6q1Xb++bcVWODvh6qCb4b",
                            "vars.DOCKER_REGISTRY": "10.160.4.127 docker.phx1.jivehosted.com",
                            "vars.ELB_NAME": "pipeline-k8s-master-elb",
                            "vars.KubernetesCluster": "us-west-2_jive-infra-pipeline",
                            "vars.MASTER_EIP_ALLOC": "eipalloc-8e125eb4",
                            "vars.PHX_PULP": "10.160.70.25 pulp-slave"
                        },
                        "meta": {},
                        "tainted": false
                    },
                    "deposed": [],
                    "provider": ""
                },
                "null_resource.k8s_cluster": {
                    "type": "null_resource",
                    "depends_on": [],
                    "primary": {
                        "id": "3703380753656017611",
                        "attributes": {
                            "id": "3703380753656017611",
                            "triggers.%": "1",
                            "triggers.name": "us-west-2_jive-infra-pipeline"
                        },
                        "meta": {},
                        "tainted": false
                    },
                    "deposed": [],
                    "provider": ""
                }
            },
            "depends_on": []
        }
    ]
}
