{
    "version": 3,
    "terraform_version": "0.9.2",
    "serial": 12,
    "lineage": "b6d04173-2335-4ddc-bc8e-517f0542c77a",
    "modules": [
        {
            "path": [
                "root"
            ],
            "outputs": {},
            "resources": {
                "aws_autoscaling_group.bastion": {
                    "type": "aws_autoscaling_group",
                    "depends_on": [
                        "aws_launch_configuration.bastion",
                        "aws_launch_configuration.bastion",
                        "aws_subnet.natdc"
                    ],
                    "primary": {
                        "id": "infra-pipeline-bastion-asg-terraform-003bf04474d7b40888ad77a37b",
                        "attributes": {
                            "arn": "arn:aws:autoscaling:eu-central-1:999547976641:autoScalingGroup:ca4c5ceb-ea1f-4946-892b-565b4f1f1454:autoScalingGroupName/infra-pipeline-bastion-asg-terraform-003bf04474d7b40888ad77a37b",
                            "availability_zones.#": "1",
                            "availability_zones.1126047633": "eu-central-1a",
                            "default_cooldown": "300",
                            "desired_capacity": "1",
                            "force_delete": "false",
                            "health_check_grace_period": "300",
                            "health_check_type": "EC2",
                            "id": "infra-pipeline-bastion-asg-terraform-003bf04474d7b40888ad77a37b",
                            "launch_configuration": "terraform-003bf04474d7b40888ad77a37b",
                            "load_balancers.#": "0",
                            "max_size": "1",
                            "metrics_granularity": "1Minute",
                            "min_size": "1",
                            "name": "infra-pipeline-bastion-asg-terraform-003bf04474d7b40888ad77a37b",
                            "placement_group": "",
                            "protect_from_scale_in": "false",
                            "suspended_processes.#": "0",
                            "tag.#": "8",
                            "tag.1907427875.key": "pipeline_phase",
                            "tag.1907427875.propagate_at_launch": "true",
                            "tag.1907427875.value": "infra-pipeline",
                            "tag.2149493305.key": "account_name",
                            "tag.2149493305.propagate_at_launch": "true",
                            "tag.2149493305.value": "jive-data-pipeline",
                            "tag.2220074062.key": "sla",
                            "tag.2220074062.propagate_at_launch": "true",
                            "tag.2220074062.value": "non-prod",
                            "tag.2734052481.key": "service_component",
                            "tag.2734052481.propagate_at_launch": "true",
                            "tag.2734052481.value": "bastion",
                            "tag.3180302108.key": "region",
                            "tag.3180302108.propagate_at_launch": "true",
                            "tag.3180302108.value": "eu-central-1",
                            "tag.3193194527.key": "bastionip",
                            "tag.3193194527.propagate_at_launch": "true",
                            "tag.3193194527.value": "10.127.69.7",
                            "tag.3357193003.key": "Name",
                            "tag.3357193003.propagate_at_launch": "true",
                            "tag.3357193003.value": "infra-pipeline-bastion-instance",
                            "tag.853938758.key": "jive_service",
                            "tag.853938758.propagate_at_launch": "true",
                            "tag.853938758.value": "infrastructure",
                            "target_group_arns.#": "0",
                            "termination_policies.#": "0",
                            "vpc_zone_identifier.#": "1",
                            "vpc_zone_identifier.1961240821": "subnet-1604987e",
                            "wait_for_capacity_timeout": "10m"
                        },
                        "meta": {},
                        "tainted": false
                    },
                    "deposed": [],
                    "provider": ""
                },
                "aws_customer_gateway.customer_gateway": {
                    "type": "aws_customer_gateway",
                    "depends_on": [],
                    "primary": {
                        "id": "cgw-eaf876da",
                        "attributes": {
                            "bgp_asn": "13364",
                            "id": "cgw-eaf876da",
                            "ip_address": "204.93.80.68",
                            "tags.%": "5",
                            "tags.Account_name": "jive-data-pipeline",
                            "tags.Name": "infra-pipeline-customer-gateway",
                            "tags.Pipeline_phase": "infra-pipeline",
                            "tags.Region": "eu-central-1",
                            "tags.SLA": "non-prod",
                            "type": "ipsec.1"
                        },
                        "meta": {},
                        "tainted": false
                    },
                    "deposed": [],
                    "provider": ""
                },
                "aws_eip.natgw.0": {
                    "type": "aws_eip",
                    "depends_on": [],
                    "primary": {
                        "id": "eipalloc-60e58e09",
                        "attributes": {
                            "association_id": "eipassoc-14a2c17f",
                            "domain": "vpc",
                            "id": "eipalloc-60e58e09",
                            "instance": "",
                            "network_interface": "eni-d7cd6ab8",
                            "private_ip": "10.127.69.103",
                            "public_ip": "35.156.202.247",
                            "vpc": "true"
                        },
                        "meta": {},
                        "tainted": false
                    },
                    "deposed": [],
                    "provider": ""
                },
                "aws_eip.natgw.1": {
                    "type": "aws_eip",
                    "depends_on": [],
                    "primary": {
                        "id": "eipalloc-0389c16a",
                        "attributes": {
                            "association_id": "eipassoc-5ea1c235",
                            "domain": "vpc",
                            "id": "eipalloc-0389c16a",
                            "instance": "",
                            "network_interface": "eni-ea4d6a94",
                            "private_ip": "10.127.69.147",
                            "public_ip": "52.57.235.193",
                            "vpc": "true"
                        },
                        "meta": {},
                        "tainted": false
                    },
                    "deposed": [],
                    "provider": ""
                },
                "aws_internet_gateway.igw": {
                    "type": "aws_internet_gateway",
                    "depends_on": [
                        "aws_vpc.main"
                    ],
                    "primary": {
                        "id": "igw-912d0af8",
                        "attributes": {
                            "id": "igw-912d0af8",
                            "tags.%": "5",
                            "tags.Name": "infra-pipeline-igw",
                            "tags.account_name": "jive-data-pipeline",
                            "tags.pipeline_phase": "infra-pipeline",
                            "tags.region": "eu-central-1",
                            "tags.sla": "non-prod",
                            "vpc_id": "vpc-2013cc48"
                        },
                        "meta": {},
                        "tainted": false
                    },
                    "deposed": [],
                    "provider": ""
                },
                "aws_launch_configuration.bastion": {
                    "type": "aws_launch_configuration",
                    "depends_on": [],
                    "primary": {
                        "id": "terraform-003bf04474d7b40888ad77a37b",
                        "attributes": {
                            "associate_public_ip_address": "false",
                            "ebs_block_device.#": "0",
                            "ebs_optimized": "false",
                            "enable_monitoring": "true",
                            "ephemeral_block_device.#": "0",
                            "iam_instance_profile": "eni-attach-profile",
                            "id": "terraform-003bf04474d7b40888ad77a37b",
                            "image_id": "ami-9bf712f4",
                            "instance_type": "t2.medium",
                            "key_name": "data-pipeline",
                            "name": "terraform-003bf04474d7b40888ad77a37b",
                            "root_block_device.#": "1",
                            "root_block_device.0.delete_on_termination": "true",
                            "root_block_device.0.iops": "0",
                            "root_block_device.0.volume_size": "25",
                            "root_block_device.0.volume_type": "",
                            "security_groups.#": "1",
                            "security_groups.473314682": "sg-dfb3a4b7",
                            "spot_price": "",
                            "user_data": "2bb7c0c940b507a849faeaeaa857206e0cbd5547",
                            "vpc_classic_link_id": "",
                            "vpc_classic_link_security_groups.#": "0"
                        },
                        "meta": {},
                        "tainted": false
                    },
                    "deposed": [],
                    "provider": ""
                },
                "aws_nat_gateway.natgw.0": {
                    "type": "aws_nat_gateway",
                    "depends_on": [
                        "aws_eip.natgw.*",
                        "aws_internet_gateway.igw",
                        "aws_subnet.public.*"
                    ],
                    "primary": {
                        "id": "nat-09175e1b0cd5f69f7",
                        "attributes": {
                            "allocation_id": "eipalloc-60e58e09",
                            "id": "nat-09175e1b0cd5f69f7",
                            "network_interface_id": "eni-d7cd6ab8",
                            "private_ip": "10.127.69.103",
                            "public_ip": "35.156.202.247",
                            "subnet_id": "subnet-1504987d"
                        },
                        "meta": {},
                        "tainted": false
                    },
                    "deposed": [],
                    "provider": ""
                },
                "aws_nat_gateway.natgw.1": {
                    "type": "aws_nat_gateway",
                    "depends_on": [
                        "aws_eip.natgw.*",
                        "aws_internet_gateway.igw",
                        "aws_subnet.public.*"
                    ],
                    "primary": {
                        "id": "nat-02262e0f0103551c7",
                        "attributes": {
                            "allocation_id": "eipalloc-0389c16a",
                            "id": "nat-02262e0f0103551c7",
                            "network_interface_id": "eni-ea4d6a94",
                            "private_ip": "10.127.69.147",
                            "public_ip": "52.57.235.193",
                            "subnet_id": "subnet-1846e762"
                        },
                        "meta": {},
                        "tainted": false
                    },
                    "deposed": [],
                    "provider": ""
                },
                "aws_network_interface.bastion": {
                    "type": "aws_network_interface",
                    "depends_on": [
                        "aws_security_group.jive_phx_dc",
                        "aws_subnet.natdc"
                    ],
                    "primary": {
                        "id": "eni-6fc66603",
                        "attributes": {
                            "attachment.#": "1",
                            "attachment.2427007162.attachment_id": "eni-attach-0caea062",
                            "attachment.2427007162.device_index": "1",
                            "attachment.2427007162.instance": "i-09a68a4e339a22092",
                            "description": "",
                            "id": "eni-6fc66603",
                            "private_ips.#": "1",
                            "private_ips.4244007568": "10.127.69.7",
                            "security_groups.#": "1",
                            "security_groups.473314682": "sg-dfb3a4b7",
                            "source_dest_check": "true",
                            "subnet_id": "subnet-1604987e",
                            "tags.%": "7",
                            "tags.Name": "infra-pipeline-bastion-instance",
                            "tags.account_name": "jive-data-pipeline",
                            "tags.jive_service": "infrastructure",
                            "tags.pipeline_phase": "infra-pipeline",
                            "tags.region": "eu-central-1",
                            "tags.service_component": "bastion",
                            "tags.sla": "non-prod"
                        },
                        "meta": {},
                        "tainted": false
                    },
                    "deposed": [],
                    "provider": ""
                },
                "aws_route53_record.bastion": {
                    "type": "aws_route53_record",
                    "depends_on": [],
                    "primary": {
                        "id": "Z3AIHK7L8DPDVB_bastion-eu-central-1-jive-data-pipeline_A",
                        "attributes": {
                            "fqdn": "bastion-eu-central-1-jive-data-pipeline.jiveprivate.com",
                            "health_check_id": "",
                            "id": "Z3AIHK7L8DPDVB_bastion-eu-central-1-jive-data-pipeline_A",
                            "name": "bastion-eu-central-1-jive-data-pipeline",
                            "records.#": "1",
                            "records.4244007568": "10.127.69.7",
                            "set_identifier": "",
                            "ttl": "60",
                            "type": "A",
                            "zone_id": "Z3AIHK7L8DPDVB"
                        },
                        "meta": {
                            "schema_version": "2"
                        },
                        "tainted": false
                    },
                    "deposed": [],
                    "provider": ""
                },
                "aws_route53_zone_association.route53": {
                    "type": "aws_route53_zone_association",
                    "depends_on": [
                        "aws_vpc.main"
                    ],
                    "primary": {
                        "id": "Z3AIHK7L8DPDVB:vpc-2013cc48",
                        "attributes": {
                            "id": "Z3AIHK7L8DPDVB:vpc-2013cc48",
                            "vpc_id": "vpc-2013cc48",
                            "vpc_region": "eu-central-1",
                            "zone_id": "Z3AIHK7L8DPDVB"
                        },
                        "meta": {},
                        "tainted": false
                    },
                    "deposed": [],
                    "provider": ""
                },
                "aws_route_table.natdc.0": {
                    "type": "aws_route_table",
                    "depends_on": [
                        "aws_nat_gateway.natgw",
                        "aws_vpc.main",
                        "aws_vpn_gateway.vgw"
                    ],
                    "primary": {
                        "id": "rtb-71f57319",
                        "attributes": {
                            "id": "rtb-71f57319",
                            "propagating_vgws.#": "1",
                            "propagating_vgws.3696009660": "vgw-204dc210",
                            "route.#": "4",
                            "route.1231240882.cidr_block": "10.114.100.0/22",
                            "route.1231240882.egress_only_gateway_id": "",
                            "route.1231240882.gateway_id": "",
                            "route.1231240882.instance_id": "",
                            "route.1231240882.ipv6_cidr_block": "",
                            "route.1231240882.nat_gateway_id": "",
                            "route.1231240882.network_interface_id": "",
                            "route.1231240882.vpc_peering_connection_id": "pcx-05b9616c",
                            "route.2247241099.cidr_block": "10.114.104.0/22",
                            "route.2247241099.egress_only_gateway_id": "",
                            "route.2247241099.gateway_id": "",
                            "route.2247241099.instance_id": "",
                            "route.2247241099.ipv6_cidr_block": "",
                            "route.2247241099.nat_gateway_id": "",
                            "route.2247241099.network_interface_id": "",
                            "route.2247241099.vpc_peering_connection_id": "pcx-e9b96180",
                            "route.2781773352.cidr_block": "0.0.0.0/0",
                            "route.2781773352.egress_only_gateway_id": "",
                            "route.2781773352.gateway_id": "",
                            "route.2781773352.instance_id": "",
                            "route.2781773352.ipv6_cidr_block": "",
                            "route.2781773352.nat_gateway_id": "nat-09175e1b0cd5f69f7",
                            "route.2781773352.network_interface_id": "",
                            "route.2781773352.vpc_peering_connection_id": "",
                            "route.440328297.cidr_block": "10.114.96.0/22",
                            "route.440328297.egress_only_gateway_id": "",
                            "route.440328297.gateway_id": "",
                            "route.440328297.instance_id": "",
                            "route.440328297.ipv6_cidr_block": "",
                            "route.440328297.nat_gateway_id": "",
                            "route.440328297.network_interface_id": "",
                            "route.440328297.vpc_peering_connection_id": "pcx-2cb96145",
                            "tags.%": "5",
                            "tags.Name": "infra-pipeline-natdc-routetable",
                            "tags.account_name": "jive-data-pipeline",
                            "tags.pipeline_phase": "infra-pipeline",
                            "tags.region": "eu-central-1",
                            "tags.sla": "non-prod",
                            "vpc_id": "vpc-2013cc48"
                        },
                        "meta": {},
                        "tainted": false
                    },
                    "deposed": [],
                    "provider": ""
                },
                "aws_route_table.natdc.1": {
                    "type": "aws_route_table",
                    "depends_on": [
                        "aws_nat_gateway.natgw.*",
                        "aws_vpc.main",
                        "aws_vpn_gateway.vgw"
                    ],
                    "primary": {
                        "id": "rtb-db2661b3",
                        "attributes": {
                            "id": "rtb-db2661b3",
                            "propagating_vgws.#": "1",
                            "propagating_vgws.3696009660": "vgw-204dc210",
                            "route.#": "4",
                            "route.1231240882.cidr_block": "10.114.100.0/22",
                            "route.1231240882.egress_only_gateway_id": "",
                            "route.1231240882.gateway_id": "",
                            "route.1231240882.instance_id": "",
                            "route.1231240882.ipv6_cidr_block": "",
                            "route.1231240882.nat_gateway_id": "",
                            "route.1231240882.network_interface_id": "",
                            "route.1231240882.vpc_peering_connection_id": "pcx-05b9616c",
                            "route.2247241099.cidr_block": "10.114.104.0/22",
                            "route.2247241099.egress_only_gateway_id": "",
                            "route.2247241099.gateway_id": "",
                            "route.2247241099.instance_id": "",
                            "route.2247241099.ipv6_cidr_block": "",
                            "route.2247241099.nat_gateway_id": "",
                            "route.2247241099.network_interface_id": "",
                            "route.2247241099.vpc_peering_connection_id": "pcx-e9b96180",
                            "route.4019411016.cidr_block": "0.0.0.0/0",
                            "route.4019411016.egress_only_gateway_id": "",
                            "route.4019411016.gateway_id": "",
                            "route.4019411016.instance_id": "",
                            "route.4019411016.ipv6_cidr_block": "",
                            "route.4019411016.nat_gateway_id": "nat-02262e0f0103551c7",
                            "route.4019411016.network_interface_id": "",
                            "route.4019411016.vpc_peering_connection_id": "",
                            "route.440328297.cidr_block": "10.114.96.0/22",
                            "route.440328297.egress_only_gateway_id": "",
                            "route.440328297.gateway_id": "",
                            "route.440328297.instance_id": "",
                            "route.440328297.ipv6_cidr_block": "",
                            "route.440328297.nat_gateway_id": "",
                            "route.440328297.network_interface_id": "",
                            "route.440328297.vpc_peering_connection_id": "pcx-2cb96145",
                            "tags.%": "5",
                            "tags.Name": "infra-pipeline-natdc-routetable",
                            "tags.account_name": "jive-data-pipeline",
                            "tags.pipeline_phase": "infra-pipeline",
                            "tags.region": "eu-central-1",
                            "tags.sla": "non-prod",
                            "vpc_id": "vpc-2013cc48"
                        },
                        "meta": {},
                        "tainted": false
                    },
                    "deposed": [],
                    "provider": ""
                },
                "aws_route_table.private": {
                    "type": "aws_route_table",
                    "depends_on": [
                        "aws_vpc.main"
                    ],
                    "primary": {
                        "id": "rtb-fbf47293",
                        "attributes": {
                            "id": "rtb-fbf47293",
                            "propagating_vgws.#": "0",
                            "route.#": "3",
                            "route.1231240882.cidr_block": "10.114.100.0/22",
                            "route.1231240882.egress_only_gateway_id": "",
                            "route.1231240882.gateway_id": "",
                            "route.1231240882.instance_id": "",
                            "route.1231240882.ipv6_cidr_block": "",
                            "route.1231240882.nat_gateway_id": "",
                            "route.1231240882.network_interface_id": "",
                            "route.1231240882.vpc_peering_connection_id": "pcx-05b9616c",
                            "route.2247241099.cidr_block": "10.114.104.0/22",
                            "route.2247241099.egress_only_gateway_id": "",
                            "route.2247241099.gateway_id": "",
                            "route.2247241099.instance_id": "",
                            "route.2247241099.ipv6_cidr_block": "",
                            "route.2247241099.nat_gateway_id": "",
                            "route.2247241099.network_interface_id": "",
                            "route.2247241099.vpc_peering_connection_id": "pcx-e9b96180",
                            "route.440328297.cidr_block": "10.114.96.0/22",
                            "route.440328297.egress_only_gateway_id": "",
                            "route.440328297.gateway_id": "",
                            "route.440328297.instance_id": "",
                            "route.440328297.ipv6_cidr_block": "",
                            "route.440328297.nat_gateway_id": "",
                            "route.440328297.network_interface_id": "",
                            "route.440328297.vpc_peering_connection_id": "pcx-2cb96145",
                            "tags.%": "5",
                            "tags.Name": "infra-pipeline-private-routetable",
                            "tags.account_name": "jive-data-pipeline",
                            "tags.pipeline_phase": "infra-pipeline",
                            "tags.region": "eu-central-1",
                            "tags.sla": "non-prod",
                            "vpc_id": "vpc-2013cc48"
                        },
                        "meta": {},
                        "tainted": false
                    },
                    "deposed": [],
                    "provider": ""
                },
                "aws_route_table.public": {
                    "type": "aws_route_table",
                    "depends_on": [
                        "aws_internet_gateway.igw",
                        "aws_vpc.main"
                    ],
                    "primary": {
                        "id": "rtb-fef47296",
                        "attributes": {
                            "id": "rtb-fef47296",
                            "propagating_vgws.#": "0",
                            "route.#": "4",
                            "route.1231240882.cidr_block": "10.114.100.0/22",
                            "route.1231240882.egress_only_gateway_id": "",
                            "route.1231240882.gateway_id": "",
                            "route.1231240882.instance_id": "",
                            "route.1231240882.ipv6_cidr_block": "",
                            "route.1231240882.nat_gateway_id": "",
                            "route.1231240882.network_interface_id": "",
                            "route.1231240882.vpc_peering_connection_id": "pcx-05b9616c",
                            "route.2247241099.cidr_block": "10.114.104.0/22",
                            "route.2247241099.egress_only_gateway_id": "",
                            "route.2247241099.gateway_id": "",
                            "route.2247241099.instance_id": "",
                            "route.2247241099.ipv6_cidr_block": "",
                            "route.2247241099.nat_gateway_id": "",
                            "route.2247241099.network_interface_id": "",
                            "route.2247241099.vpc_peering_connection_id": "pcx-e9b96180",
                            "route.4085429091.cidr_block": "0.0.0.0/0",
                            "route.4085429091.egress_only_gateway_id": "",
                            "route.4085429091.gateway_id": "igw-912d0af8",
                            "route.4085429091.instance_id": "",
                            "route.4085429091.ipv6_cidr_block": "",
                            "route.4085429091.nat_gateway_id": "",
                            "route.4085429091.network_interface_id": "",
                            "route.4085429091.vpc_peering_connection_id": "",
                            "route.440328297.cidr_block": "10.114.96.0/22",
                            "route.440328297.egress_only_gateway_id": "",
                            "route.440328297.gateway_id": "",
                            "route.440328297.instance_id": "",
                            "route.440328297.ipv6_cidr_block": "",
                            "route.440328297.nat_gateway_id": "",
                            "route.440328297.network_interface_id": "",
                            "route.440328297.vpc_peering_connection_id": "pcx-2cb96145",
                            "tags.%": "5",
                            "tags.Name": "infra-pipeline-public-routetable",
                            "tags.account_name": "jive-data-pipeline",
                            "tags.pipeline_phase": "infra-pipeline",
                            "tags.region": "eu-central-1",
                            "tags.sla": "non-prod",
                            "vpc_id": "vpc-2013cc48"
                        },
                        "meta": {},
                        "tainted": false
                    },
                    "deposed": [],
                    "provider": ""
                },
                "aws_route_table_association.natdc.0": {
                    "type": "aws_route_table_association",
                    "depends_on": [
                        "aws_route_table.natdc.*",
                        "aws_subnet.natdc.*"
                    ],
                    "primary": {
                        "id": "rtbassoc-a9defdc1",
                        "attributes": {
                            "id": "rtbassoc-a9defdc1",
                            "route_table_id": "rtb-71f57319",
                            "subnet_id": "subnet-1946e763"
                        },
                        "meta": {},
                        "tainted": false
                    },
                    "deposed": [],
                    "provider": ""
                },
                "aws_route_table_association.natdc.1": {
                    "type": "aws_route_table_association",
                    "depends_on": [
                        "aws_route_table.natdc.*",
                        "aws_subnet.natdc.*"
                    ],
                    "primary": {
                        "id": "rtbassoc-4de11126",
                        "attributes": {
                            "id": "rtbassoc-4de11126",
                            "route_table_id": "rtb-db2661b3",
                            "subnet_id": "subnet-1604987e"
                        },
                        "meta": {},
                        "tainted": false
                    },
                    "deposed": [],
                    "provider": ""
                },
                "aws_route_table_association.private.0": {
                    "type": "aws_route_table_association",
                    "depends_on": [
                        "aws_route_table.private",
                        "aws_subnet.private"
                    ],
                    "primary": {
                        "id": "rtbassoc-04defd6c",
                        "attributes": {
                            "id": "rtbassoc-04defd6c",
                            "route_table_id": "rtb-fbf47293",
                            "subnet_id": "subnet-11049879"
                        },
                        "meta": {},
                        "tainted": false
                    },
                    "deposed": [],
                    "provider": ""
                },
                "aws_route_table_association.private.1": {
                    "type": "aws_route_table_association",
                    "depends_on": [
                        "aws_route_table.private",
                        "aws_subnet.private"
                    ],
                    "primary": {
                        "id": "rtbassoc-07defd6f",
                        "attributes": {
                            "id": "rtbassoc-07defd6f",
                            "route_table_id": "rtb-fbf47293",
                            "subnet_id": "subnet-1c46e766"
                        },
                        "meta": {},
                        "tainted": false
                    },
                    "deposed": [],
                    "provider": ""
                },
                "aws_route_table_association.public.0": {
                    "type": "aws_route_table_association",
                    "depends_on": [
                        "aws_route_table.public",
                        "aws_subnet.public"
                    ],
                    "primary": {
                        "id": "rtbassoc-06defd6e",
                        "attributes": {
                            "id": "rtbassoc-06defd6e",
                            "route_table_id": "rtb-fef47296",
                            "subnet_id": "subnet-1504987d"
                        },
                        "meta": {},
                        "tainted": false
                    },
                    "deposed": [],
                    "provider": ""
                },
                "aws_route_table_association.public.1": {
                    "type": "aws_route_table_association",
                    "depends_on": [
                        "aws_route_table.public",
                        "aws_subnet.public"
                    ],
                    "primary": {
                        "id": "rtbassoc-05defd6d",
                        "attributes": {
                            "id": "rtbassoc-05defd6d",
                            "route_table_id": "rtb-fef47296",
                            "subnet_id": "subnet-1846e762"
                        },
                        "meta": {},
                        "tainted": false
                    },
                    "deposed": [],
                    "provider": ""
                },
                "aws_security_group.env_instance": {
                    "type": "aws_security_group",
                    "depends_on": [
                        "aws_vpc.main"
                    ],
                    "primary": {
                        "id": "sg-259b134e",
                        "attributes": {
                            "description": "Empty SG for all instances within the evironment",
                            "egress.#": "0",
                            "id": "sg-259b134e",
                            "ingress.#": "0",
                            "name": "infra-pipeline-instance",
                            "owner_id": "999547976641",
                            "tags.%": "5",
                            "tags.Name": "infra-pipeline-instance",
                            "tags.account_name": "jive-data-pipeline",
                            "tags.pipeline_phase": "infra-pipeline",
                            "tags.region": "eu-central-1",
                            "tags.sla": "non-prod",
                            "vpc_id": "vpc-2013cc48"
                        },
                        "meta": {},
                        "tainted": false
                    },
                    "deposed": [],
                    "provider": ""
                },
                "aws_security_group.jive_phx_dc": {
                    "type": "aws_security_group",
                    "depends_on": [
                        "aws_vpc.main"
                    ],
                    "primary": {
                        "id": "sg-dfb3a4b7",
                        "attributes": {
                            "description": "Allow SSH and Ping from CIDRs within Jive PHX Data Center",
                            "egress.#": "1",
                            "egress.482069346.cidr_blocks.#": "1",
                            "egress.482069346.cidr_blocks.0": "0.0.0.0/0",
                            "egress.482069346.from_port": "0",
                            "egress.482069346.ipv6_cidr_blocks.#": "0",
                            "egress.482069346.prefix_list_ids.#": "0",
                            "egress.482069346.protocol": "-1",
                            "egress.482069346.security_groups.#": "0",
                            "egress.482069346.self": "false",
                            "egress.482069346.to_port": "0",
                            "id": "sg-dfb3a4b7",
                            "ingress.#": "2",
                            "ingress.179083333.cidr_blocks.#": "1",
                            "ingress.179083333.cidr_blocks.0": "10.0.0.0/8",
                            "ingress.179083333.from_port": "22",
                            "ingress.179083333.ipv6_cidr_blocks.#": "0",
                            "ingress.179083333.protocol": "tcp",
                            "ingress.179083333.security_groups.#": "0",
                            "ingress.179083333.self": "false",
                            "ingress.179083333.to_port": "22",
                            "ingress.3280021429.cidr_blocks.#": "1",
                            "ingress.3280021429.cidr_blocks.0": "10.0.0.0/8",
                            "ingress.3280021429.from_port": "8",
                            "ingress.3280021429.ipv6_cidr_blocks.#": "0",
                            "ingress.3280021429.protocol": "icmp",
                            "ingress.3280021429.security_groups.#": "0",
                            "ingress.3280021429.self": "false",
                            "ingress.3280021429.to_port": "0",
                            "name": "infra-pipeline-jive-phx-dc",
                            "owner_id": "999547976641",
                            "tags.%": "6",
                            "tags.Name": "infra-pipeline-jive-phx-dc",
                            "tags.account_name": "jive-data-pipeline",
                            "tags.jive_service": "infrastructure",
                            "tags.pipeline_phase": "infra-pipeline",
                            "tags.region": "eu-central-1",
                            "tags.sla": "non-prod",
                            "vpc_id": "vpc-2013cc48"
                        },
                        "meta": {},
                        "tainted": false
                    },
                    "deposed": [],
                    "provider": ""
                },
                "aws_subnet.natdc.0": {
                    "type": "aws_subnet",
                    "depends_on": [
                        "aws_vpc.main"
                    ],
                    "primary": {
                        "id": "subnet-1604987e",
                        "attributes": {
                            "assign_ipv6_address_on_creation": "false",
                            "availability_zone": "eu-central-1a",
                            "cidr_block": "10.127.69.0/27",
                            "id": "subnet-1604987e",
                            "map_public_ip_on_launch": "false",
                            "tags.%": "5",
                            "tags.Name": "infra-pipeline-natdc-subnet",
                            "tags.account_name": "jive-data-pipeline",
                            "tags.pipeline_phase": "infra-pipeline",
                            "tags.region": "eu-central-1",
                            "tags.sla": "non-prod",
                            "vpc_id": "vpc-2013cc48"
                        },
                        "meta": {},
                        "tainted": false
                    },
                    "deposed": [],
                    "provider": ""
                },
                "aws_subnet.natdc.1": {
                    "type": "aws_subnet",
                    "depends_on": [
                        "aws_vpc.main"
                    ],
                    "primary": {
                        "id": "subnet-1946e763",
                        "attributes": {
                            "assign_ipv6_address_on_creation": "false",
                            "availability_zone": "eu-central-1b",
                            "cidr_block": "10.127.69.32/27",
                            "id": "subnet-1946e763",
                            "map_public_ip_on_launch": "false",
                            "tags.%": "5",
                            "tags.Name": "infra-pipeline-natdc-subnet",
                            "tags.account_name": "jive-data-pipeline",
                            "tags.pipeline_phase": "infra-pipeline",
                            "tags.region": "eu-central-1",
                            "tags.sla": "non-prod",
                            "vpc_id": "vpc-2013cc48"
                        },
                        "meta": {},
                        "tainted": false
                    },
                    "deposed": [],
                    "provider": ""
                },
                "aws_subnet.private.0": {
                    "type": "aws_subnet",
                    "depends_on": [
                        "aws_vpc.main"
                    ],
                    "primary": {
                        "id": "subnet-11049879",
                        "attributes": {
                            "assign_ipv6_address_on_creation": "false",
                            "availability_zone": "eu-central-1a",
                            "cidr_block": "10.127.69.192/28",
                            "id": "subnet-11049879",
                            "map_public_ip_on_launch": "false",
                            "tags.%": "5",
                            "tags.Name": "infra-pipeline-private-subnet",
                            "tags.account_name": "jive-data-pipeline",
                            "tags.pipeline_phase": "infra-pipeline",
                            "tags.region": "eu-central-1",
                            "tags.sla": "non-prod",
                            "vpc_id": "vpc-2013cc48"
                        },
                        "meta": {},
                        "tainted": false
                    },
                    "deposed": [],
                    "provider": ""
                },
                "aws_subnet.private.1": {
                    "type": "aws_subnet",
                    "depends_on": [
                        "aws_vpc.main"
                    ],
                    "primary": {
                        "id": "subnet-1c46e766",
                        "attributes": {
                            "assign_ipv6_address_on_creation": "false",
                            "availability_zone": "eu-central-1b",
                            "cidr_block": "10.127.69.208/28",
                            "id": "subnet-1c46e766",
                            "map_public_ip_on_launch": "false",
                            "tags.%": "5",
                            "tags.Name": "infra-pipeline-private-subnet",
                            "tags.account_name": "jive-data-pipeline",
                            "tags.pipeline_phase": "infra-pipeline",
                            "tags.region": "eu-central-1",
                            "tags.sla": "non-prod",
                            "vpc_id": "vpc-2013cc48"
                        },
                        "meta": {},
                        "tainted": false
                    },
                    "deposed": [],
                    "provider": ""
                },
                "aws_subnet.public.0": {
                    "type": "aws_subnet",
                    "depends_on": [
                        "aws_vpc.main"
                    ],
                    "primary": {
                        "id": "subnet-1504987d",
                        "attributes": {
                            "assign_ipv6_address_on_creation": "false",
                            "availability_zone": "eu-central-1a",
                            "cidr_block": "10.127.69.96/27",
                            "id": "subnet-1504987d",
                            "map_public_ip_on_launch": "false",
                            "tags.%": "5",
                            "tags.Name": "infra-pipeline-public-subnet",
                            "tags.account_name": "jive-data-pipeline",
                            "tags.pipeline_phase": "infra-pipeline",
                            "tags.region": "eu-central-1",
                            "tags.sla": "non-prod",
                            "vpc_id": "vpc-2013cc48"
                        },
                        "meta": {},
                        "tainted": false
                    },
                    "deposed": [],
                    "provider": ""
                },
                "aws_subnet.public.1": {
                    "type": "aws_subnet",
                    "depends_on": [
                        "aws_vpc.main"
                    ],
                    "primary": {
                        "id": "subnet-1846e762",
                        "attributes": {
                            "assign_ipv6_address_on_creation": "false",
                            "availability_zone": "eu-central-1b",
                            "cidr_block": "10.127.69.128/27",
                            "id": "subnet-1846e762",
                            "map_public_ip_on_launch": "false",
                            "tags.%": "5",
                            "tags.Name": "infra-pipeline-public-subnet",
                            "tags.account_name": "jive-data-pipeline",
                            "tags.pipeline_phase": "infra-pipeline",
                            "tags.region": "eu-central-1",
                            "tags.sla": "non-prod",
                            "vpc_id": "vpc-2013cc48"
                        },
                        "meta": {},
                        "tainted": false
                    },
                    "deposed": [],
                    "provider": ""
                },
                "aws_vpc.main": {
                    "type": "aws_vpc",
                    "depends_on": [],
                    "primary": {
                        "id": "vpc-2013cc48",
                        "attributes": {
                            "assign_generated_ipv6_cidr_block": "false",
                            "cidr_block": "10.127.69.0/24",
                            "default_network_acl_id": "acl-b8a811d0",
                            "default_route_table_id": "rtb-e6f4728e",
                            "default_security_group_id": "sg-c2b3a4aa",
                            "dhcp_options_id": "dopt-498b0e20",
                            "enable_dns_hostnames": "true",
                            "enable_dns_support": "true",
                            "id": "vpc-2013cc48",
                            "instance_tenancy": "default",
                            "main_route_table_id": "rtb-e6f4728e",
                            "tags.%": "5",
                            "tags.Name": "infra-pipeline-vpc",
                            "tags.account_name": "jive-data-pipeline",
                            "tags.pipeline_phase": "infra-pipeline",
                            "tags.region": "eu-central-1",
                            "tags.sla": "non-prod"
                        },
                        "meta": {
                            "schema_version": "1"
                        },
                        "tainted": false
                    },
                    "deposed": [],
                    "provider": ""
                },
                "aws_vpn_connection.main": {
                    "type": "aws_vpn_connection",
                    "depends_on": [
                        "aws_customer_gateway.customer_gateway",
                        "aws_vpn_gateway.vgw"
                    ],
                    "primary": {
                        "id": "vpn-3fd43356",
                        "attributes": {
                            "customer_gateway_configuration": "\u003c?xml version=\"1.0\" encoding=\"UTF-8\"?\u003e\n\u003cvpn_connection id=\"vpn-3fd43356\"\u003e\n  \u003ccustomer_gateway_id\u003ecgw-eaf876da\u003c/customer_gateway_id\u003e\n  \u003cvpn_gateway_id\u003evgw-204dc210\u003c/vpn_gateway_id\u003e\n  \u003cvpn_connection_type\u003eipsec.1\u003c/vpn_connection_type\u003e\n  \u003cipsec_tunnel\u003e\n    \u003ccustomer_gateway\u003e\n      \u003ctunnel_outside_address\u003e\n        \u003cip_address\u003e204.93.80.68\u003c/ip_address\u003e\n      \u003c/tunnel_outside_address\u003e\n      \u003ctunnel_inside_address\u003e\n        \u003cip_address\u003e169.254.42.54\u003c/ip_address\u003e\n        \u003cnetwork_mask\u003e255.255.255.252\u003c/network_mask\u003e\n        \u003cnetwork_cidr\u003e30\u003c/network_cidr\u003e\n      \u003c/tunnel_inside_address\u003e\n      \u003cbgp\u003e\n        \u003casn\u003e13364\u003c/asn\u003e\n        \u003chold_time\u003e30\u003c/hold_time\u003e\n      \u003c/bgp\u003e\n    \u003c/customer_gateway\u003e\n    \u003cvpn_gateway\u003e\n      \u003ctunnel_outside_address\u003e\n        \u003cip_address\u003e35.156.148.79\u003c/ip_address\u003e\n      \u003c/tunnel_outside_address\u003e\n      \u003ctunnel_inside_address\u003e\n        \u003cip_address\u003e169.254.42.53\u003c/ip_address\u003e\n        \u003cnetwork_mask\u003e255.255.255.252\u003c/network_mask\u003e\n        \u003cnetwork_cidr\u003e30\u003c/network_cidr\u003e\n      \u003c/tunnel_inside_address\u003e\n      \u003cbgp\u003e\n        \u003casn\u003e7224\u003c/asn\u003e\n        \u003chold_time\u003e30\u003c/hold_time\u003e\n      \u003c/bgp\u003e\n    \u003c/vpn_gateway\u003e\n    \u003cike\u003e\n      \u003cauthentication_protocol\u003esha1\u003c/authentication_protocol\u003e\n      \u003cencryption_protocol\u003eaes-128-cbc\u003c/encryption_protocol\u003e\n      \u003clifetime\u003e28800\u003c/lifetime\u003e\n      \u003cperfect_forward_secrecy\u003egroup2\u003c/perfect_forward_secrecy\u003e\n      \u003cmode\u003emain\u003c/mode\u003e\n      \u003cpre_shared_key\u003eTdjw1vb1igbdYTBfnLWNLM7bRAfzL.Gj\u003c/pre_shared_key\u003e\n    \u003c/ike\u003e\n    \u003cipsec\u003e\n      \u003cprotocol\u003eesp\u003c/protocol\u003e\n      \u003cauthentication_protocol\u003ehmac-sha1-96\u003c/authentication_protocol\u003e\n      \u003cencryption_protocol\u003eaes-128-cbc\u003c/encryption_protocol\u003e\n      \u003clifetime\u003e3600\u003c/lifetime\u003e\n      \u003cperfect_forward_secrecy\u003egroup2\u003c/perfect_forward_secrecy\u003e\n      \u003cmode\u003etunnel\u003c/mode\u003e\n      \u003cclear_df_bit\u003etrue\u003c/clear_df_bit\u003e\n      \u003cfragmentation_before_encryption\u003etrue\u003c/fragmentation_before_encryption\u003e\n      \u003ctcp_mss_adjustment\u003e1379\u003c/tcp_mss_adjustment\u003e\n      \u003cdead_peer_detection\u003e\n        \u003cinterval\u003e10\u003c/interval\u003e\n        \u003cretries\u003e3\u003c/retries\u003e\n      \u003c/dead_peer_detection\u003e\n    \u003c/ipsec\u003e\n  \u003c/ipsec_tunnel\u003e\n  \u003cipsec_tunnel\u003e\n    \u003ccustomer_gateway\u003e\n      \u003ctunnel_outside_address\u003e\n        \u003cip_address\u003e204.93.80.68\u003c/ip_address\u003e\n      \u003c/tunnel_outside_address\u003e\n      \u003ctunnel_inside_address\u003e\n        \u003cip_address\u003e169.254.41.162\u003c/ip_address\u003e\n        \u003cnetwork_mask\u003e255.255.255.252\u003c/network_mask\u003e\n        \u003cnetwork_cidr\u003e30\u003c/network_cidr\u003e\n      \u003c/tunnel_inside_address\u003e\n      \u003cbgp\u003e\n        \u003casn\u003e13364\u003c/asn\u003e\n        \u003chold_time\u003e30\u003c/hold_time\u003e\n      \u003c/bgp\u003e\n    \u003c/customer_gateway\u003e\n    \u003cvpn_gateway\u003e\n      \u003ctunnel_outside_address\u003e\n        \u003cip_address\u003e35.157.20.141\u003c/ip_address\u003e\n      \u003c/tunnel_outside_address\u003e\n      \u003ctunnel_inside_address\u003e\n        \u003cip_address\u003e169.254.41.161\u003c/ip_address\u003e\n        \u003cnetwork_mask\u003e255.255.255.252\u003c/network_mask\u003e\n        \u003cnetwork_cidr\u003e30\u003c/network_cidr\u003e\n      \u003c/tunnel_inside_address\u003e\n      \u003cbgp\u003e\n        \u003casn\u003e7224\u003c/asn\u003e\n        \u003chold_time\u003e30\u003c/hold_time\u003e\n      \u003c/bgp\u003e\n    \u003c/vpn_gateway\u003e\n    \u003cike\u003e\n      \u003cauthentication_protocol\u003esha1\u003c/authentication_protocol\u003e\n      \u003cencryption_protocol\u003eaes-128-cbc\u003c/encryption_protocol\u003e\n      \u003clifetime\u003e28800\u003c/lifetime\u003e\n      \u003cperfect_forward_secrecy\u003egroup2\u003c/perfect_forward_secrecy\u003e\n      \u003cmode\u003emain\u003c/mode\u003e\n      \u003cpre_shared_key\u003eosVefYLeFC8w8.3VTJ2RmGBm0EuGcCua\u003c/pre_shared_key\u003e\n    \u003c/ike\u003e\n    \u003cipsec\u003e\n      \u003cprotocol\u003eesp\u003c/protocol\u003e\n      \u003cauthentication_protocol\u003ehmac-sha1-96\u003c/authentication_protocol\u003e\n      \u003cencryption_protocol\u003eaes-128-cbc\u003c/encryption_protocol\u003e\n      \u003clifetime\u003e3600\u003c/lifetime\u003e\n      \u003cperfect_forward_secrecy\u003egroup2\u003c/perfect_forward_secrecy\u003e\n      \u003cmode\u003etunnel\u003c/mode\u003e\n      \u003cclear_df_bit\u003etrue\u003c/clear_df_bit\u003e\n      \u003cfragmentation_before_encryption\u003etrue\u003c/fragmentation_before_encryption\u003e\n      \u003ctcp_mss_adjustment\u003e1379\u003c/tcp_mss_adjustment\u003e\n      \u003cdead_peer_detection\u003e\n        \u003cinterval\u003e10\u003c/interval\u003e\n        \u003cretries\u003e3\u003c/retries\u003e\n      \u003c/dead_peer_detection\u003e\n    \u003c/ipsec\u003e\n  \u003c/ipsec_tunnel\u003e\n\u003c/vpn_connection\u003e\n",
                            "customer_gateway_id": "cgw-eaf876da",
                            "id": "vpn-3fd43356",
                            "routes.#": "0",
                            "static_routes_only": "false",
                            "tags.%": "5",
                            "tags.Name": "infra-pipeline-jive-vpn",
                            "tags.account_name": "jive-data-pipeline",
                            "tags.pipeline_phase": "infra-pipeline",
                            "tags.region": "eu-central-1",
                            "tags.sla": "non-prod",
                            "tunnel1_address": "35.156.148.79",
                            "tunnel1_preshared_key": "Tdjw1vb1igbdYTBfnLWNLM7bRAfzL.Gj",
                            "tunnel2_address": "35.157.20.141",
                            "tunnel2_preshared_key": "osVefYLeFC8w8.3VTJ2RmGBm0EuGcCua",
                            "type": "ipsec.1",
                            "vgw_telemetry.#": "2",
                            "vgw_telemetry.2177426769.accepted_route_count": "7",
                            "vgw_telemetry.2177426769.last_status_change": "2017-05-26 07:49:44 +0000 UTC",
                            "vgw_telemetry.2177426769.outside_ip_address": "35.157.20.141",
                            "vgw_telemetry.2177426769.status": "UP",
                            "vgw_telemetry.2177426769.status_message": "7 BGP ROUTES",
                            "vgw_telemetry.294631459.accepted_route_count": "7",
                            "vgw_telemetry.294631459.last_status_change": "2017-05-30 23:57:49 +0000 UTC",
                            "vgw_telemetry.294631459.outside_ip_address": "35.156.148.79",
                            "vgw_telemetry.294631459.status": "UP",
                            "vgw_telemetry.294631459.status_message": "7 BGP ROUTES",
                            "vpn_gateway_id": "vgw-204dc210"
                        },
                        "meta": {},
                        "tainted": false
                    },
                    "deposed": [],
                    "provider": ""
                },
                "aws_vpn_gateway.vgw": {
                    "type": "aws_vpn_gateway",
                    "depends_on": [
                        "aws_vpc.main"
                    ],
                    "primary": {
                        "id": "vgw-204dc210",
                        "attributes": {
                            "id": "vgw-204dc210",
                            "tags.%": "7",
                            "tags.Name": "infra-pipeline-vgw",
                            "tags.account_name": "jive-data-pipeline",
                            "tags.jive_service": "infrastructure",
                            "tags.pipeline_phase": "infra-pipeline",
                            "tags.region": "eu-central-1",
                            "tags.service_component": "vpn_gateway",
                            "tags.sla": "non-prod",
                            "vpc_id": "vpc-2013cc48"
                        },
                        "meta": {},
                        "tainted": false
                    },
                    "deposed": [],
                    "provider": ""
                },
                "data.template_file.bastion_user_data": {
                    "type": "template_file",
                    "depends_on": [
                        "aws_network_interface.bastion"
                    ],
                    "primary": {
                        "id": "e3f5199464aaf4b9a63e4325298bc18d9b42189583fb877183c65dee0f529096",
                        "attributes": {
                            "id": "e3f5199464aaf4b9a63e4325298bc18d9b42189583fb877183c65dee0f529096",
                            "rendered": "#!/bin/bash\n\ndeclare -r instance_id=$(curl -s http://169.254.169.254/latest/meta-data/instance-id)\ndeclare -r bi=10.127.69.7\ndeclare -r bastion_gw=\"${bi%.*}.1\"\n\nfunction_prep() {\n    # Get pip for awscli\n    yum install -y epel-release\n    yum install -y python-pip\n    pip install awscli\n}\n\nfunction_eni() {\n    # Attached the ENI to the Bastion instance\n    /usr/bin/aws ec2 attach-network-interface   --region eu-central-1 \\\n                                                --network-interface-id eni-6fc66603 \\\n                                                --instance-id $instance_id \\\n                                                --device-index 1\n\n    # Give the ENI some time to get an IP and attach correctly\n    sleep 30\n}\n\nfunction_network() {\n    # Make eth1 the default route, set eth0 off, and set eth1 on, then restart the network\n    cat \u003c\u003cEOF \u003e /etc/sysconfig/network\nNETWORKING=yes\nNOZEROCONF=yes\nGATEWAY=$bastion_gw\nGATEWAYDEV=eth1\nEOF\n\n    cat \u003c\u003cEOF \u003e /etc/sysconfig/network-scripts/ifcfg-eth0\nDEVICE=\"eth0\"\nONBOOT=\"no\"\nEOF\n\n    cat \u003c\u003cEOF \u003e /etc/sysconfig/network-scripts/ifcfg-eth1\nDEVICE=eth1\nBOOTPROTO=static\nDHCPCLASS=\nIPADDR=10.127.69.7\nNETMASK=255.255.255.224\nONBOOT=yes\nEOF\n\n    systemctl restart network\n}\n\nfunction_nexus() {\n    # URL redirect fails without this entry\n    echo \"10.10.100.155 nexus-int.eng.jiveland.com\" \u003e\u003e /etc/hosts\n\n    # Script to download Ansible artifact from Nexus\n    cat \u003c\u003c'EOF' \u003e /tmp/get_nexus_artifact.sh\n#!/bin/bash\n# Argument = -h -v -i groupId:artifactId:version -c classifier -p packaging -r repository\n\n# Define Nexus Configuration\nNEXUS_BASE=nexus-int.eng.jiveland.com\nREST_PATH=/service/local\nART_REDIR=/artifact/maven/redirect\n\n# Read in Complete Set of Coordinates from the Command Line\nGROUP_ID=\nARTIFACT_ID=\nVERSION=\"LATEST\"\nCLASSIFIER=\"\"\nPACKAGING=tar.gz\nREPO=\"candidates\"\nVERBOSE=0\n\nwhile getopts \"hvi:c:p:\" OPTION\ndo\n     case $OPTION in\n         h)\n             usage\n             exit 1\n             ;;\n         i)\n\t     OIFS=$IFS\n             IFS=\":\"\n\t     GAV_COORD=( $OPTARG )\n\t     GROUP_ID=${GAV_COORD[0]}\n             ARTIFACT_ID=${GAV_COORD[1]}\n             VERSION=${GAV_COORD[2]}\n\t     IFS=$OIFS\n             ;;\n         c)\n             CLASSIFIER=$OPTARG\n             ;;\n         p)\n             PACKAGING=$OPTARG\n             ;;\n         v)\n             VERBOSE=1\n             ;;\n         ?)\n             usage\n             exit\n             ;;\n     esac\ndone\n\nif [[ -z $GROUP_ID ]] || [[ -z $ARTIFACT_ID ]] || [[ -z $VERSION ]]\nthen\n     echo \"BAD ARGUMENTS: Either groupId, artifactId, or version was not supplied\" \u003e\u00262\n     usage\n     exit 1\nfi\n\n# Construct the base URL\nREDIRECT_URL=${NEXUS_BASE}${REST_PATH}${ART_REDIR}\n\n# Generate the list of parameters\nPARAM_KEYS=( g a v r p c )\nPARAM_VALUES=( $GROUP_ID $ARTIFACT_ID $VERSION $REPO $PACKAGING $CLASSIFIER )\nPARAMS=\"\"\nfor index in ${!PARAM_KEYS[*]}\ndo\n  if [[ ${PARAM_VALUES[$index]} != \"\" ]]\n  then\n    PARAMS=\"${PARAMS}${PARAM_KEYS[$index]}=${PARAM_VALUES[$index]}\u0026\"\n  fi\ndone\n\nREDIRECT_URL=\"${REDIRECT_URL}?${PARAMS}\"\n\necho \"Fetching Artifact from $REDIRECT_URL...\" \u003e\u00262\ncurl -sS -L ${REDIRECT_URL}\nEOF\n    # Run script to download latest Ansible artifact and unpack\n    chmod +x /tmp/get_nexus_artifact.sh\n    /tmp/get_nexus_artifact.sh -i com.jivesoftware.techops:ansible-common:LATEST \u003e /tmp/ansible-common.tar.gz\n}\n\nfunction_ansible() {\n    # Need Sudo TTY\n    sed -i s/'Defaults    requiretty'/'#Defaults    requiretty'/ /etc/sudoers\n    # Disable SELINUX for SSSD\n    sed -i 's/^SELINUX=.*/SELINUX=disabled/' /etc/selinux/config\n    # Create Ansible working directories\n    mkdir -p /tmp/ansible-common\n    tar xf /tmp/ansible-common.tar.gz -C /tmp/ansible-common/\n    # Set Python to 2.6 and run Ansible locally\n    alternatives --set python /usr/bin/python2.6\n    yum install -y python-boto ansible\n\n    # Run Ansible\n    /tmp/ansible-common/bin/run_ansible.sh /tmp/ansible-common/playbook-bastion.yml -e region=eu-central-1 --connection=local -i /tmp/ansible-common/inventory_ec2/ \u003e\u003e /tmp/ansible-common/ansible_debug.log\n\n    # Change permissions on Ansible artifact so that ansible deploy pipeline\n    # can overwrite them in the future\n    chown -R ansible:service-users /tmp/ansible-common /tmp/ansible-common.tar.gz\n}\n\nfunction_restart() {\n    # Need to restart for SELINUX change.\n    shutdown -r now\n}\n\n# Run the things\nfunction_prep\nfunction_eni\nfunction_network\nfunction_nexus\nfunction_ansible\nfunction_restart\n",
                            "template": "#!/bin/bash\n\ndeclare -r instance_id=$(curl -s http://169.254.169.254/latest/meta-data/instance-id)\ndeclare -r bi=${bastion_ip}\ndeclare -r bastion_gw=\"$${bi%.*}.1\"\n\nfunction_prep() {\n    # Get pip for awscli\n    yum install -y epel-release\n    yum install -y python-pip\n    pip install awscli\n}\n\nfunction_eni() {\n    # Attached the ENI to the Bastion instance\n    /usr/bin/aws ec2 attach-network-interface   --region ${region} \\\n                                                --network-interface-id ${eni} \\\n                                                --instance-id $instance_id \\\n                                                --device-index 1\n\n    # Give the ENI some time to get an IP and attach correctly\n    sleep 30\n}\n\nfunction_network() {\n    # Make eth1 the default route, set eth0 off, and set eth1 on, then restart the network\n    cat \u003c\u003cEOF \u003e /etc/sysconfig/network\nNETWORKING=yes\nNOZEROCONF=yes\nGATEWAY=$bastion_gw\nGATEWAYDEV=eth1\nEOF\n\n    cat \u003c\u003cEOF \u003e /etc/sysconfig/network-scripts/ifcfg-eth0\nDEVICE=\"eth0\"\nONBOOT=\"no\"\nEOF\n\n    cat \u003c\u003cEOF \u003e /etc/sysconfig/network-scripts/ifcfg-eth1\nDEVICE=eth1\nBOOTPROTO=static\nDHCPCLASS=\nIPADDR=${bastion_ip}\nNETMASK=255.255.255.224\nONBOOT=yes\nEOF\n\n    systemctl restart network\n}\n\nfunction_nexus() {\n    # URL redirect fails without this entry\n    echo \"10.10.100.155 nexus-int.eng.jiveland.com\" \u003e\u003e /etc/hosts\n\n    # Script to download Ansible artifact from Nexus\n    cat \u003c\u003c'EOF' \u003e /tmp/get_nexus_artifact.sh\n#!/bin/bash\n# Argument = -h -v -i groupId:artifactId:version -c classifier -p packaging -r repository\n\n# Define Nexus Configuration\nNEXUS_BASE=nexus-int.eng.jiveland.com\nREST_PATH=/service/local\nART_REDIR=/artifact/maven/redirect\n\n# Read in Complete Set of Coordinates from the Command Line\nGROUP_ID=\nARTIFACT_ID=\nVERSION=\"LATEST\"\nCLASSIFIER=\"\"\nPACKAGING=tar.gz\nREPO=\"candidates\"\nVERBOSE=0\n\nwhile getopts \"hvi:c:p:\" OPTION\ndo\n     case $OPTION in\n         h)\n             usage\n             exit 1\n             ;;\n         i)\n\t     OIFS=$IFS\n             IFS=\":\"\n\t     GAV_COORD=( $OPTARG )\n\t     GROUP_ID=$${GAV_COORD[0]}\n             ARTIFACT_ID=$${GAV_COORD[1]}\n             VERSION=$${GAV_COORD[2]}\n\t     IFS=$OIFS\n             ;;\n         c)\n             CLASSIFIER=$OPTARG\n             ;;\n         p)\n             PACKAGING=$OPTARG\n             ;;\n         v)\n             VERBOSE=1\n             ;;\n         ?)\n             usage\n             exit\n             ;;\n     esac\ndone\n\nif [[ -z $GROUP_ID ]] || [[ -z $ARTIFACT_ID ]] || [[ -z $VERSION ]]\nthen\n     echo \"BAD ARGUMENTS: Either groupId, artifactId, or version was not supplied\" \u003e\u00262\n     usage\n     exit 1\nfi\n\n# Construct the base URL\nREDIRECT_URL=$${NEXUS_BASE}$${REST_PATH}$${ART_REDIR}\n\n# Generate the list of parameters\nPARAM_KEYS=( g a v r p c )\nPARAM_VALUES=( $GROUP_ID $ARTIFACT_ID $VERSION $REPO $PACKAGING $CLASSIFIER )\nPARAMS=\"\"\nfor index in $${!PARAM_KEYS[*]}\ndo\n  if [[ $${PARAM_VALUES[$index]} != \"\" ]]\n  then\n    PARAMS=\"$${PARAMS}$${PARAM_KEYS[$index]}=$${PARAM_VALUES[$index]}\u0026\"\n  fi\ndone\n\nREDIRECT_URL=\"$${REDIRECT_URL}?$${PARAMS}\"\n\necho \"Fetching Artifact from $REDIRECT_URL...\" \u003e\u00262\ncurl -sS -L $${REDIRECT_URL}\nEOF\n    # Run script to download latest Ansible artifact and unpack\n    chmod +x /tmp/get_nexus_artifact.sh\n    /tmp/get_nexus_artifact.sh -i com.jivesoftware.techops:ansible-common:LATEST \u003e /tmp/ansible-common.tar.gz\n}\n\nfunction_ansible() {\n    # Need Sudo TTY\n    sed -i s/'Defaults    requiretty'/'#Defaults    requiretty'/ /etc/sudoers\n    # Disable SELINUX for SSSD\n    sed -i 's/^SELINUX=.*/SELINUX=disabled/' /etc/selinux/config\n    # Create Ansible working directories\n    mkdir -p /tmp/ansible-common\n    tar xf /tmp/ansible-common.tar.gz -C /tmp/ansible-common/\n    # Set Python to 2.6 and run Ansible locally\n    alternatives --set python /usr/bin/python2.6\n    yum install -y python-boto ansible\n\n    # Run Ansible\n    /tmp/ansible-common/bin/run_ansible.sh /tmp/ansible-common/playbook-bastion.yml -e region=${region} --connection=local -i /tmp/ansible-common/inventory_ec2/ \u003e\u003e /tmp/ansible-common/ansible_debug.log\n\n    # Change permissions on Ansible artifact so that ansible deploy pipeline\n    # can overwrite them in the future\n    chown -R ansible:service-users /tmp/ansible-common /tmp/ansible-common.tar.gz\n}\n\nfunction_restart() {\n    # Need to restart for SELINUX change.\n    shutdown -r now\n}\n\n# Run the things\nfunction_prep\nfunction_eni\nfunction_network\nfunction_nexus\nfunction_ansible\nfunction_restart\n",
                            "vars.%": "5",
                            "vars.account_name": "jive-data-pipeline",
                            "vars.bastion_ip": "10.127.69.7",
                            "vars.eni": "eni-6fc66603",
                            "vars.pipeline_phase": "infra-pipeline",
                            "vars.region": "eu-central-1"
                        },
                        "meta": {},
                        "tainted": false
                    },
                    "deposed": [],
                    "provider": ""
                }
            },
            "depends_on": []
        }
    ]
}
