{
    "version": 3,
    "terraform_version": "0.9.2",
    "serial": 20,
    "lineage": "a1d582e0-c8d5-4403-8800-88491b87a9a9",
    "modules": [
        {
            "path": [
                "root"
            ],
            "outputs": {},
            "resources": {
                "aws_autoscaling_group.tardis_asg.0": {
                    "type": "aws_autoscaling_group",
                    "depends_on": [
                        "aws_elb.tardis",
                        "aws_launch_configuration.tardis",
                        "data.aws_subnet.natdc.*",
                        "null_resource.k8s_cluster"
                    ],
                    "primary": {
                        "id": "pipeline-tardis-asg1",
                        "attributes": {
                            "arn": "arn:aws:autoscaling:us-west-2:517449413234:autoScalingGroup:21399bec-8bc1-4d3a-acdf-2c44915e3b33:autoScalingGroupName/pipeline-tardis-asg1",
                            "availability_zones.#": "1",
                            "availability_zones.2487133097": "us-west-2a",
                            "default_cooldown": "300",
                            "desired_capacity": "1",
                            "force_delete": "false",
                            "health_check_grace_period": "300",
                            "health_check_type": "EC2",
                            "id": "pipeline-tardis-asg1",
                            "launch_configuration": "terraform-00f7bd59962fda401c15e086b2",
                            "load_balancers.#": "1",
                            "load_balancers.1946248490": "pipeline-tardis-elb",
                            "max_size": "1",
                            "metrics_granularity": "1Minute",
                            "min_size": "1",
                            "name": "pipeline-tardis-asg1",
                            "placement_group": "",
                            "protect_from_scale_in": "false",
                            "suspended_processes.#": "0",
                            "tag.#": "9",
                            "tag.1625014014.key": "Name",
                            "tag.1625014014.propagate_at_launch": "true",
                            "tag.1625014014.value": "pipeline-tardis-instance",
                            "tag.2586646430.key": "Hostname",
                            "tag.2586646430.propagate_at_launch": "true",
                            "tag.2586646430.value": "us-west-2_jive-infra-pipeline-tardis1",
                            "tag.2957669699.key": "Pipeline_phase",
                            "tag.2957669699.propagate_at_launch": "true",
                            "tag.2957669699.value": "pipeline",
                            "tag.3024122225.key": "Jive_service",
                            "tag.3024122225.propagate_at_launch": "true",
                            "tag.3024122225.value": "us-west-2_jive-infra-pipeline",
                            "tag.3521129239.key": "Service_component",
                            "tag.3521129239.propagate_at_launch": "true",
                            "tag.3521129239.value": "tardis",
                            "tag.3720102784.key": "KubernetesCluster",
                            "tag.3720102784.propagate_at_launch": "true",
                            "tag.3720102784.value": "us-west-2_jive-infra-pipeline",
                            "tag.3767096825.key": "SLA",
                            "tag.3767096825.propagate_at_launch": "true",
                            "tag.3767096825.value": "non-prod",
                            "tag.4279558224.key": "Region",
                            "tag.4279558224.propagate_at_launch": "true",
                            "tag.4279558224.value": "us-west-2",
                            "tag.797360201.key": "K8s_cluster",
                            "tag.797360201.propagate_at_launch": "true",
                            "tag.797360201.value": "us-west-2_jive-infra-pipeline",
                            "target_group_arns.#": "0",
                            "termination_policies.#": "0",
                            "vpc_zone_identifier.#": "1",
                            "vpc_zone_identifier.2687197175": "subnet-3658d640",
                            "wait_for_capacity_timeout": "10m"
                        },
                        "meta": {},
                        "tainted": false
                    },
                    "deposed": [],
                    "provider": ""
                },
                "aws_autoscaling_group.tardis_asg.1": {
                    "type": "aws_autoscaling_group",
                    "depends_on": [
                        "aws_elb.tardis",
                        "aws_launch_configuration.tardis",
                        "data.aws_subnet.natdc.*",
                        "null_resource.k8s_cluster"
                    ],
                    "primary": {
                        "id": "pipeline-tardis-asg2",
                        "attributes": {
                            "arn": "arn:aws:autoscaling:us-west-2:517449413234:autoScalingGroup:4a8f72e7-fc47-4ebb-9b78-e55433bbe5ee:autoScalingGroupName/pipeline-tardis-asg2",
                            "availability_zones.#": "1",
                            "availability_zones.221770259": "us-west-2b",
                            "default_cooldown": "300",
                            "desired_capacity": "1",
                            "force_delete": "false",
                            "health_check_grace_period": "300",
                            "health_check_type": "EC2",
                            "id": "pipeline-tardis-asg2",
                            "launch_configuration": "terraform-00f7bd59962fda401c15e086b2",
                            "load_balancers.#": "1",
                            "load_balancers.1946248490": "pipeline-tardis-elb",
                            "max_size": "1",
                            "metrics_granularity": "1Minute",
                            "min_size": "1",
                            "name": "pipeline-tardis-asg2",
                            "placement_group": "",
                            "protect_from_scale_in": "false",
                            "suspended_processes.#": "0",
                            "tag.#": "9",
                            "tag.1625014014.key": "Name",
                            "tag.1625014014.propagate_at_launch": "true",
                            "tag.1625014014.value": "pipeline-tardis-instance",
                            "tag.2881817859.key": "Hostname",
                            "tag.2881817859.propagate_at_launch": "true",
                            "tag.2881817859.value": "us-west-2_jive-infra-pipeline-tardis2",
                            "tag.2957669699.key": "Pipeline_phase",
                            "tag.2957669699.propagate_at_launch": "true",
                            "tag.2957669699.value": "pipeline",
                            "tag.3024122225.key": "Jive_service",
                            "tag.3024122225.propagate_at_launch": "true",
                            "tag.3024122225.value": "us-west-2_jive-infra-pipeline",
                            "tag.3521129239.key": "Service_component",
                            "tag.3521129239.propagate_at_launch": "true",
                            "tag.3521129239.value": "tardis",
                            "tag.3720102784.key": "KubernetesCluster",
                            "tag.3720102784.propagate_at_launch": "true",
                            "tag.3720102784.value": "us-west-2_jive-infra-pipeline",
                            "tag.3767096825.key": "SLA",
                            "tag.3767096825.propagate_at_launch": "true",
                            "tag.3767096825.value": "non-prod",
                            "tag.4279558224.key": "Region",
                            "tag.4279558224.propagate_at_launch": "true",
                            "tag.4279558224.value": "us-west-2",
                            "tag.797360201.key": "K8s_cluster",
                            "tag.797360201.propagate_at_launch": "true",
                            "tag.797360201.value": "us-west-2_jive-infra-pipeline",
                            "target_group_arns.#": "0",
                            "termination_policies.#": "0",
                            "vpc_zone_identifier.#": "1",
                            "vpc_zone_identifier.1267274096": "subnet-f3e69197",
                            "wait_for_capacity_timeout": "10m"
                        },
                        "meta": {},
                        "tainted": false
                    },
                    "deposed": [],
                    "provider": ""
                },
                "aws_autoscaling_group.tardis_asg.2": {
                    "type": "aws_autoscaling_group",
                    "depends_on": [
                        "aws_elb.tardis",
                        "aws_launch_configuration.tardis",
                        "data.aws_subnet.natdc.*",
                        "null_resource.k8s_cluster"
                    ],
                    "primary": {
                        "id": "pipeline-tardis-asg3",
                        "attributes": {
                            "arn": "arn:aws:autoscaling:us-west-2:517449413234:autoScalingGroup:0b47a9b5-617d-4fea-aa4f-570a9d6eba60:autoScalingGroupName/pipeline-tardis-asg3",
                            "availability_zones.#": "1",
                            "availability_zones.2050015877": "us-west-2c",
                            "default_cooldown": "300",
                            "desired_capacity": "1",
                            "force_delete": "false",
                            "health_check_grace_period": "300",
                            "health_check_type": "EC2",
                            "id": "pipeline-tardis-asg3",
                            "launch_configuration": "terraform-00f7bd59962fda401c15e086b2",
                            "load_balancers.#": "1",
                            "load_balancers.1946248490": "pipeline-tardis-elb",
                            "max_size": "1",
                            "metrics_granularity": "1Minute",
                            "min_size": "1",
                            "name": "pipeline-tardis-asg3",
                            "placement_group": "",
                            "protect_from_scale_in": "false",
                            "suspended_processes.#": "0",
                            "tag.#": "9",
                            "tag.1625014014.key": "Name",
                            "tag.1625014014.propagate_at_launch": "true",
                            "tag.1625014014.value": "pipeline-tardis-instance",
                            "tag.229770935.key": "Hostname",
                            "tag.229770935.propagate_at_launch": "true",
                            "tag.229770935.value": "us-west-2_jive-infra-pipeline-tardis3",
                            "tag.2957669699.key": "Pipeline_phase",
                            "tag.2957669699.propagate_at_launch": "true",
                            "tag.2957669699.value": "pipeline",
                            "tag.3024122225.key": "Jive_service",
                            "tag.3024122225.propagate_at_launch": "true",
                            "tag.3024122225.value": "us-west-2_jive-infra-pipeline",
                            "tag.3521129239.key": "Service_component",
                            "tag.3521129239.propagate_at_launch": "true",
                            "tag.3521129239.value": "tardis",
                            "tag.3720102784.key": "KubernetesCluster",
                            "tag.3720102784.propagate_at_launch": "true",
                            "tag.3720102784.value": "us-west-2_jive-infra-pipeline",
                            "tag.3767096825.key": "SLA",
                            "tag.3767096825.propagate_at_launch": "true",
                            "tag.3767096825.value": "non-prod",
                            "tag.4279558224.key": "Region",
                            "tag.4279558224.propagate_at_launch": "true",
                            "tag.4279558224.value": "us-west-2",
                            "tag.797360201.key": "K8s_cluster",
                            "tag.797360201.propagate_at_launch": "true",
                            "tag.797360201.value": "us-west-2_jive-infra-pipeline",
                            "target_group_arns.#": "0",
                            "termination_policies.#": "0",
                            "vpc_zone_identifier.#": "1",
                            "vpc_zone_identifier.3994496132": "subnet-c9ba6c91",
                            "wait_for_capacity_timeout": "10m"
                        },
                        "meta": {},
                        "tainted": false
                    },
                    "deposed": [],
                    "provider": ""
                },
                "aws_eip.tardis_eip.0": {
                    "type": "aws_eip",
                    "depends_on": [],
                    "primary": {
                        "id": "eipalloc-bf3f4385",
                        "attributes": {
                            "association_id": "",
                            "domain": "vpc",
                            "id": "eipalloc-bf3f4385",
                            "instance": "",
                            "network_interface": "",
                            "private_ip": "",
                            "public_ip": "54.69.70.21",
                            "vpc": "true"
                        },
                        "meta": {},
                        "tainted": false
                    },
                    "deposed": [],
                    "provider": ""
                },
                "aws_eip.tardis_eip.1": {
                    "type": "aws_eip",
                    "depends_on": [],
                    "primary": {
                        "id": "eipalloc-5f3d4165",
                        "attributes": {
                            "association_id": "",
                            "domain": "vpc",
                            "id": "eipalloc-5f3d4165",
                            "instance": "",
                            "network_interface": "",
                            "private_ip": "",
                            "public_ip": "34.210.164.240",
                            "vpc": "true"
                        },
                        "meta": {},
                        "tainted": false
                    },
                    "deposed": [],
                    "provider": ""
                },
                "aws_eip.tardis_eip.2": {
                    "type": "aws_eip",
                    "depends_on": [],
                    "primary": {
                        "id": "eipalloc-7738444d",
                        "attributes": {
                            "association_id": "",
                            "domain": "vpc",
                            "id": "eipalloc-7738444d",
                            "instance": "",
                            "network_interface": "",
                            "private_ip": "",
                            "public_ip": "52.35.195.219",
                            "vpc": "true"
                        },
                        "meta": {},
                        "tainted": false
                    },
                    "deposed": [],
                    "provider": ""
                },
                "aws_elb.tardis": {
                    "type": "aws_elb",
                    "depends_on": [
                        "aws_security_group.tardis_instance",
                        "null_resource.k8s_cluster"
                    ],
                    "primary": {
                        "id": "pipeline-tardis-elb",
                        "attributes": {
                            "access_logs.#": "0",
                            "availability_zones.#": "1",
                            "availability_zones.2487133097": "us-west-2a",
                            "connection_draining": "false",
                            "connection_draining_timeout": "300",
                            "cross_zone_load_balancing": "true",
                            "dns_name": "internal-pipeline-tardis-elb-381586343.us-west-2.elb.amazonaws.com",
                            "health_check.#": "1",
                            "health_check.0.healthy_threshold": "2",
                            "health_check.0.interval": "30",
                            "health_check.0.target": "TCP:443",
                            "health_check.0.timeout": "3",
                            "health_check.0.unhealthy_threshold": "2",
                            "id": "pipeline-tardis-elb",
                            "idle_timeout": "1800",
                            "instances.#": "3",
                            "instances.1937169225": "i-07f38f403d2d2ed8a",
                            "instances.3085518553": "i-011c8ba4a6d2559e9",
                            "instances.3764965081": "i-047bff3a9e78e5a68",
                            "internal": "true",
                            "listener.#": "1",
                            "listener.610193557.instance_port": "443",
                            "listener.610193557.instance_protocol": "tcp",
                            "listener.610193557.lb_port": "443",
                            "listener.610193557.lb_protocol": "tcp",
                            "listener.610193557.ssl_certificate_id": "",
                            "name": "pipeline-tardis-elb",
                            "security_groups.#": "2",
                            "security_groups.1689941595": "sg-d35124a8",
                            "security_groups.3114747539": "sg-da6c1bbc",
                            "source_security_group": "517449413234/pipeline-instance",
                            "source_security_group_id": "sg-da6c1bbc",
                            "subnets.#": "1",
                            "subnets.2687197175": "subnet-3658d640",
                            "tags.%": "7",
                            "tags.Hostname": "us-west-2_jive-infra-pipeline-tardis1",
                            "tags.Jive_service": "us-west-2_jive-infra-pipeline",
                            "tags.Name": "pipeline-tardis-elb",
                            "tags.Pipeline_phase": "pipeline",
                            "tags.Region": "us-west-2",
                            "tags.SLA": "non-prod",
                            "tags.Service_component": "tardis",
                            "zone_id": "Z1H1FL5HABSF5"
                        },
                        "meta": {},
                        "tainted": false
                    },
                    "deposed": [],
                    "provider": ""
                },
                "aws_iam_instance_profile.tardis": {
                    "type": "aws_iam_instance_profile",
                    "depends_on": [
                        "aws_iam_role.tardis",
                        "null_resource.k8s_cluster"
                    ],
                    "primary": {
                        "id": "us-west-2_jive-infra-pipeline-tardis-profile",
                        "attributes": {
                            "arn": "arn:aws:iam::517449413234:instance-profile/us-west-2_jive-infra-pipeline-tardis-profile",
                            "id": "us-west-2_jive-infra-pipeline-tardis-profile",
                            "name": "us-west-2_jive-infra-pipeline-tardis-profile",
                            "path": "/",
                            "roles.#": "1",
                            "roles.2339112998": "us-west-2_jive-infra-pipeline-tardis-role",
                            "unique_id": "AIPAJZVZOA4IFTD2KAHJE"
                        },
                        "meta": {},
                        "tainted": false
                    },
                    "deposed": [],
                    "provider": ""
                },
                "aws_iam_role.tardis": {
                    "type": "aws_iam_role",
                    "depends_on": [
                        "null_resource.k8s_cluster"
                    ],
                    "primary": {
                        "id": "us-west-2_jive-infra-pipeline-tardis-role",
                        "attributes": {
                            "arn": "arn:aws:iam::517449413234:role/us-west-2_jive-infra-pipeline-tardis-role",
                            "assume_role_policy": "{\"Version\":\"2012-10-17\",\"Statement\":[{\"Sid\":\"\",\"Effect\":\"Allow\",\"Principal\":{\"Service\":\"ec2.amazonaws.com\"},\"Action\":\"sts:AssumeRole\"}]}",
                            "create_date": "2017-05-12T23:38:39Z",
                            "id": "us-west-2_jive-infra-pipeline-tardis-role",
                            "name": "us-west-2_jive-infra-pipeline-tardis-role",
                            "path": "/",
                            "unique_id": "AROAJENM7OGVO64VXODNE"
                        },
                        "meta": {},
                        "tainted": false
                    },
                    "deposed": [],
                    "provider": ""
                },
                "aws_iam_role_policy.tardis": {
                    "type": "aws_iam_role_policy",
                    "depends_on": [
                        "aws_iam_role.tardis",
                        "null_resource.k8s_cluster"
                    ],
                    "primary": {
                        "id": "us-west-2_jive-infra-pipeline-tardis-role:us-west-2_jive-infra-pipeline-tardis-policy",
                        "attributes": {
                            "id": "us-west-2_jive-infra-pipeline-tardis-role:us-west-2_jive-infra-pipeline-tardis-policy",
                            "name": "us-west-2_jive-infra-pipeline-tardis-policy",
                            "policy": "{\n    \"Version\": \"2012-10-17\",\n    \"Statement\": [\n        {\n            \"Effect\": \"Allow\",\n            \"Action\": [\n                \"ec2:Describe*\",\n                \"ec2:AttachVolume\",\n                \"ec2:DetachVolume\",\n                \"ec2:AttachNetworkInterface\",\n                \"ec2:DetachNetworkInterface\",\n                \"route53:ListHostedZones\",\n                \"route53:ListResourceRecordSets\",\n                \"rds:Describe*\",\n                \"elasticache:Describe*\",\n                \"s3:GetObject\",\n                \"s3:ListAllMyBuckets\",\n                \"s3:ListBucket\",\n                \"s3:PutObject\",\n                \"s3:CreateBucket\",\n                \"s3:GetBucketLocation\"\n            ],\n            \"Resource\": \"*\"\n        }\n    ]\n}\n",
                            "role": "us-west-2_jive-infra-pipeline-tardis-role"
                        },
                        "meta": {},
                        "tainted": false
                    },
                    "deposed": [],
                    "provider": ""
                },
                "aws_launch_configuration.tardis": {
                    "type": "aws_launch_configuration",
                    "depends_on": [
                        "aws_iam_instance_profile.tardis",
                        "aws_security_group.tardis_instance",
                        "data.template_file.cloud_config"
                    ],
                    "primary": {
                        "id": "terraform-00f7bd59962fda401c15e086b2",
                        "attributes": {
                            "associate_public_ip_address": "false",
                            "ebs_block_device.#": "0",
                            "ebs_optimized": "false",
                            "enable_monitoring": "true",
                            "ephemeral_block_device.#": "0",
                            "iam_instance_profile": "us-west-2_jive-infra-pipeline-tardis-profile",
                            "id": "terraform-00f7bd59962fda401c15e086b2",
                            "image_id": "ami-bdf943dd",
                            "instance_type": "t2.medium",
                            "key_name": "infra-pipeline",
                            "name": "terraform-00f7bd59962fda401c15e086b2",
                            "root_block_device.#": "1",
                            "root_block_device.0.delete_on_termination": "true",
                            "root_block_device.0.iops": "0",
                            "root_block_device.0.volume_size": "20",
                            "root_block_device.0.volume_type": "gp2",
                            "security_groups.#": "2",
                            "security_groups.1689941595": "sg-d35124a8",
                            "security_groups.3114747539": "sg-da6c1bbc",
                            "spot_price": "",
                            "user_data": "8aa19da97a5f995b638267bc47084b8768c9f1f1",
                            "vpc_classic_link_id": "",
                            "vpc_classic_link_security_groups.#": "0"
                        },
                        "meta": {},
                        "tainted": false
                    },
                    "deposed": [],
                    "provider": ""
                },
                "aws_security_group.tardis_instance": {
                    "type": "aws_security_group",
                    "depends_on": [
                        "data.aws_security_group.k8s_master_instance",
                        "data.aws_security_group.k8s_worker_instance",
                        "null_resource.k8s_cluster"
                    ],
                    "primary": {
                        "id": "sg-d35124a8",
                        "attributes": {
                            "description": "Access to tardis nodes",
                            "egress.#": "0",
                            "id": "sg-d35124a8",
                            "ingress.#": "2",
                            "ingress.1000147915.cidr_blocks.#": "0",
                            "ingress.1000147915.from_port": "8472",
                            "ingress.1000147915.ipv6_cidr_blocks.#": "0",
                            "ingress.1000147915.protocol": "udp",
                            "ingress.1000147915.security_groups.#": "2",
                            "ingress.1000147915.security_groups.2544852714": "sg-355caf4c",
                            "ingress.1000147915.security_groups.3875698878": "sg-3d5caf44",
                            "ingress.1000147915.self": "false",
                            "ingress.1000147915.to_port": "8472",
                            "ingress.691539513.cidr_blocks.#": "1",
                            "ingress.691539513.cidr_blocks.0": "10.0.0.0/8",
                            "ingress.691539513.from_port": "443",
                            "ingress.691539513.ipv6_cidr_blocks.#": "0",
                            "ingress.691539513.protocol": "tcp",
                            "ingress.691539513.security_groups.#": "0",
                            "ingress.691539513.self": "true",
                            "ingress.691539513.to_port": "443",
                            "name": "us-west-2_jive-infra-pipeline-tardis-instance",
                            "owner_id": "517449413234",
                            "tags.%": "6",
                            "tags.Name": "us-west-2_jive-infra-pipeline-tardis-instance",
                            "tags.jive_service": "tardis",
                            "tags.pipeline_phase": "pipeline",
                            "tags.region": "us-west-2",
                            "tags.service_component": "tardis",
                            "tags.sla": "non-prod",
                            "vpc_id": "vpc-1ad6907e"
                        },
                        "meta": {},
                        "tainted": false
                    },
                    "deposed": [],
                    "provider": ""
                },
                "aws_security_group_rule.k8s_etcd_instance": {
                    "type": "aws_security_group_rule",
                    "depends_on": [
                        "aws_security_group.tardis_instance",
                        "data.aws_security_group.k8s_etcd_instance"
                    ],
                    "primary": {
                        "id": "sgrule-3193619996",
                        "attributes": {
                            "from_port": "2379",
                            "id": "sgrule-3193619996",
                            "protocol": "tcp",
                            "security_group_id": "sg-345caf4d",
                            "self": "false",
                            "source_security_group_id": "sg-d35124a8",
                            "to_port": "2380",
                            "type": "ingress"
                        },
                        "meta": {
                            "schema_version": "2"
                        },
                        "tainted": false
                    },
                    "deposed": [],
                    "provider": ""
                },
                "aws_security_group_rule.k8s_master_instance": {
                    "type": "aws_security_group_rule",
                    "depends_on": [
                        "aws_security_group.tardis_instance",
                        "data.aws_security_group.k8s_master_instance"
                    ],
                    "primary": {
                        "id": "sgrule-1232678504",
                        "attributes": {
                            "from_port": "8472",
                            "id": "sgrule-1232678504",
                            "protocol": "udp",
                            "security_group_id": "sg-3d5caf44",
                            "self": "false",
                            "source_security_group_id": "sg-d35124a8",
                            "to_port": "8472",
                            "type": "ingress"
                        },
                        "meta": {
                            "schema_version": "2"
                        },
                        "tainted": false
                    },
                    "deposed": [],
                    "provider": ""
                },
                "aws_security_group_rule.k8s_worker_instance": {
                    "type": "aws_security_group_rule",
                    "depends_on": [
                        "aws_security_group.tardis_instance",
                        "data.aws_security_group.k8s_worker_instance"
                    ],
                    "primary": {
                        "id": "sgrule-1678442857",
                        "attributes": {
                            "cidr_blocks.#": "0",
                            "from_port": "8472",
                            "id": "sgrule-1678442857",
                            "ipv6_cidr_blocks.#": "0",
                            "prefix_list_ids.#": "0",
                            "protocol": "udp",
                            "security_group_id": "sg-355caf4c",
                            "self": "false",
                            "source_security_group_id": "sg-d35124a8",
                            "to_port": "8472",
                            "type": "ingress"
                        },
                        "meta": {
                            "schema_version": "2"
                        },
                        "tainted": false
                    },
                    "deposed": [],
                    "provider": ""
                },
                "data.aws_availability_zones.available": {
                    "type": "aws_availability_zones",
                    "depends_on": [],
                    "primary": {
                        "id": "2017-07-01 04:44:50.486667788 +0000 UTC",
                        "attributes": {
                            "id": "2017-07-01 04:44:50.486667788 +0000 UTC",
                            "names.#": "3",
                            "names.0": "us-west-2a",
                            "names.1": "us-west-2b",
                            "names.2": "us-west-2c"
                        },
                        "meta": {},
                        "tainted": false
                    },
                    "deposed": [],
                    "provider": ""
                },
                "data.aws_security_group.k8s_etcd_instance": {
                    "type": "aws_security_group",
                    "depends_on": [
                        "null_resource.k8s_cluster"
                    ],
                    "primary": {
                        "id": "sg-345caf4d",
                        "attributes": {
                            "filter.#": "1",
                            "filter.2255417732.name": "tag:Name",
                            "filter.2255417732.values.#": "1",
                            "filter.2255417732.values.2151562792": "us-west-2_jive-infra-pipeline-etcd-instance",
                            "id": "sg-345caf4d",
                            "name": "us-west-2_jive-infra-pipeline-kubernetes-etcd-instance",
                            "tags.%": "6",
                            "tags.Name": "us-west-2_jive-infra-pipeline-etcd-instance",
                            "tags.jive_service": "k8s",
                            "tags.pipeline_phase": "pipeline",
                            "tags.region": "us-west-2",
                            "tags.service_component": "k8s-etcd",
                            "tags.sla": "non-prod",
                            "vpc_id": "vpc-1ad6907e"
                        },
                        "meta": {},
                        "tainted": false
                    },
                    "deposed": [],
                    "provider": ""
                },
                "data.aws_security_group.k8s_master_instance": {
                    "type": "aws_security_group",
                    "depends_on": [
                        "null_resource.k8s_cluster"
                    ],
                    "primary": {
                        "id": "sg-3d5caf44",
                        "attributes": {
                            "filter.#": "1",
                            "filter.3156269747.name": "tag:Name",
                            "filter.3156269747.values.#": "1",
                            "filter.3156269747.values.635809638": "us-west-2_jive-infra-pipeline-master-instance",
                            "id": "sg-3d5caf44",
                            "name": "us-west-2_jive-infra-pipeline-master-instance",
                            "tags.%": "6",
                            "tags.Name": "us-west-2_jive-infra-pipeline-master-instance",
                            "tags.jive_service": "k8s",
                            "tags.pipeline_phase": "pipeline",
                            "tags.region": "us-west-2",
                            "tags.service_component": "k8s-master",
                            "tags.sla": "non-prod",
                            "vpc_id": "vpc-1ad6907e"
                        },
                        "meta": {},
                        "tainted": false
                    },
                    "deposed": [],
                    "provider": ""
                },
                "data.aws_security_group.k8s_worker_instance": {
                    "type": "aws_security_group",
                    "depends_on": [
                        "null_resource.k8s_cluster"
                    ],
                    "primary": {
                        "id": "sg-355caf4c",
                        "attributes": {
                            "filter.#": "1",
                            "filter.2141222641.name": "tag:Name",
                            "filter.2141222641.values.#": "1",
                            "filter.2141222641.values.3564806456": "us-west-2_jive-infra-pipeline-worker-instance",
                            "id": "sg-355caf4c",
                            "name": "us-west-2_jive-infra-pipeline-worker-instance",
                            "tags.%": "7",
                            "tags.KubernetesCluster": "us-west-2_jive-infra-pipeline",
                            "tags.Name": "us-west-2_jive-infra-pipeline-worker-instance",
                            "tags.jive_service": "k8s",
                            "tags.pipeline_phase": "pipeline",
                            "tags.region": "us-west-2",
                            "tags.service_component": "k8s-worker",
                            "tags.sla": "non-prod",
                            "vpc_id": "vpc-1ad6907e"
                        },
                        "meta": {},
                        "tainted": false
                    },
                    "deposed": [],
                    "provider": ""
                },
                "data.aws_subnet.natdc.0": {
                    "type": "aws_subnet",
                    "depends_on": [
                        "data.aws_availability_zones.available"
                    ],
                    "primary": {
                        "id": "subnet-3658d640",
                        "attributes": {
                            "availability_zone": "us-west-2a",
                            "cidr_block": "10.114.0.0/22",
                            "default_for_az": "false",
                            "id": "subnet-3658d640",
                            "state": "available",
                            "tags.%": "7",
                            "tags.KubernetesCluster": "us-west-2_jive-infra-pipeline",
                            "tags.Name": "pipeline-natdc-subnet",
                            "tags.account_name": "jive-infra-pipeline",
                            "tags.kubernetes.io/role/internal-elb": "us-west-2_jive-infra-pipeline",
                            "tags.pipeline_phase": "pipeline",
                            "tags.region": "us-west-2",
                            "tags.sla": "non-prod",
                            "vpc_id": "vpc-1ad6907e"
                        },
                        "meta": {},
                        "tainted": false
                    },
                    "deposed": [],
                    "provider": ""
                },
                "data.aws_subnet.natdc.1": {
                    "type": "aws_subnet",
                    "depends_on": [
                        "data.aws_availability_zones.available"
                    ],
                    "primary": {
                        "id": "subnet-f3e69197",
                        "attributes": {
                            "availability_zone": "us-west-2b",
                            "cidr_block": "10.114.4.0/22",
                            "default_for_az": "false",
                            "id": "subnet-f3e69197",
                            "state": "available",
                            "tags.%": "7",
                            "tags.KubernetesCluster": "us-west-2_jive-infra-pipeline",
                            "tags.Name": "pipeline-natdc-subnet",
                            "tags.account_name": "jive-infra-pipeline",
                            "tags.kubernetes.io/role/internal-elb": "us-west-2_jive-infra-pipeline",
                            "tags.pipeline_phase": "pipeline",
                            "tags.region": "us-west-2",
                            "tags.sla": "non-prod",
                            "vpc_id": "vpc-1ad6907e"
                        },
                        "meta": {},
                        "tainted": false
                    },
                    "deposed": [],
                    "provider": ""
                },
                "data.aws_subnet.natdc.2": {
                    "type": "aws_subnet",
                    "depends_on": [
                        "data.aws_availability_zones.available"
                    ],
                    "primary": {
                        "id": "subnet-c9ba6c91",
                        "attributes": {
                            "availability_zone": "us-west-2c",
                            "cidr_block": "10.114.8.0/22",
                            "default_for_az": "false",
                            "id": "subnet-c9ba6c91",
                            "state": "available",
                            "tags.%": "7",
                            "tags.KubernetesCluster": "us-west-2_jive-infra-pipeline",
                            "tags.Name": "pipeline-natdc-subnet",
                            "tags.account_name": "jive-infra-pipeline",
                            "tags.kubernetes.io/role/internal-elb": "us-west-2_jive-infra-pipeline",
                            "tags.pipeline_phase": "pipeline",
                            "tags.region": "us-west-2",
                            "tags.sla": "non-prod",
                            "vpc_id": "vpc-1ad6907e"
                        },
                        "meta": {},
                        "tainted": false
                    },
                    "deposed": [],
                    "provider": ""
                },
                "data.template_file.cloud_config": {
                    "type": "template_file",
                    "depends_on": [
                        "null_resource.k8s_cluster"
                    ],
                    "primary": {
                        "id": "b5d96f99c315f100760b547430de80bcbf97729083e108c12700faabfc03c083",
                        "attributes": {
                            "id": "b5d96f99c315f100760b547430de80bcbf97729083e108c12700faabfc03c083",
                            "rendered": "#cloud-config\ncoreos:\n  units:\n    - name: bootstrap.service\n      command: start\n      content: |\n        [Unit]\n        Requires=early-docker.service\n        After=early-docker.service\n        Description=Bootstraps the node\n        [Service]\n        Environment=\"DOCKER_HOST=unix:///var/run/early-docker.sock\"\n        Type=oneshot\n        RemainAfterExit=yes\n        ExecStart=/root/bootstrap.sh\n    - name: settimezone.service\n      command: start\n      content: |\n        [Unit]\n        Description=Set the timezone\n        [Service]\n        ExecStart=/usr/bin/timedatectl set-timezone UTC\n        RemainAfterExit=yes\n        Type=oneshot\nupdate:\n    reboot-strategy: off\nssh_authorized_keys:\n  - AAAAB3NzaC1yc2EAAAADAQABAAABAQDdUn7MngzRWLusJ+9S2MSibbJjkxV0fa5D6fUKJnGuYHxgL3vpMi+TLWRUIFv9tmBIxard8nS4/mNu6P0ENm5LmkAYPJngEMbCoQmpk89tbQIrlZrhr5FffP3fJfxzahEtYjEtNuBQuuMwrXN3hvuehVGWEu1lFG6WLYnejL0au2L4CJhCoV2g+b/uqTjsFVHhbGWvuazYL9SJmH2mWqEnbj2tj7goemU88bycisrMIvpKVWhu02KM2FUHgPwtoENi909LTpiD/y+3FzBwa7cpMNjmTmrzPbJTZ7gNNzSpPWHtCejE/B06+7lxSzbeRQP6q1Xb++bcVWODvh6qCb4b\nwrite_files:\n  - path: /etc/hosts\n    permissions: 0644\n    content: |\n      10.160.4.127 docker.phx1.jivehosted.com\n      10.160.70.25 pulp-slave\nwrite_files:\n  - path: /root/parse_manifest.sh\n    permissions: 0755\n    content: |\n      #!/usr/bin/bash\n      jq -c '.clusters[] | select(.clusterName == \"us-west-2_jive-infra-pipeline\") | .ansibleImageVersion' /tmp/cluster_manifest.json\nwrite_files:\n  - path: /root/pam_workaround.sh\n    permissions: 0755\n    content: |\n      #!/usr/bin/bash\n      if [[ -d /lib/pam.d ]]; then\n        rsync -a /lib/pam.d/ /etc/pam.d/\n        sed -i '/pam_systemd.so/d' /etc/pam.d/*\n        sed -i '/pam_nologin.so/d' /etc/pam.d/*\n      fi\nwrite_files:\n  - path: /root/bootstrap.sh\n    permissions: 0755\n    content: |\n      #!/usr/bin/bash\n      #\n      if [ -f /etc/coreos/update.conf ] ; then\n        rm  /etc/coreos/update.conf\n      fi\n\n      declare -r ansible_bucket=https://s3-us-west-2.amazonaws.com/jive-ansible-coreos-jive-infra-prod-usw2\n\n      # Get cluster manifest from S3 bucket\n      curl -XGET -s \\\n      --retry 3 \\\n      --retry-delay 5 \\\n      ${ansible_bucket}/cluster_manifest.json \\\n      --output /tmp/cluster_manifest.json\n\n      # Get ansible-coreos bootstrap script from S3 bucket\n      curl -XGET -s \\\n      --retry 3 \\\n      --retry-delay 5 \\\n      ${ansible_bucket}/run-ansible-container.sh \\\n      --output /tmp/run-ansible-container.sh\n\n      declare -r docker_image=$(bash /root/parse_manifest.sh | sed 's/\"//g')\n      bash -vx /root/pam_workaround.sh\n      bash -vx /tmp/run-ansible-container.sh ${docker_image}\n\n      exit 0\n",
                            "template": "#cloud-config\ncoreos:\n  units:\n    - name: bootstrap.service\n      command: start\n      content: |\n        [Unit]\n        Requires=early-docker.service\n        After=early-docker.service\n        Description=Bootstraps the node\n        [Service]\n        Environment=\"DOCKER_HOST=unix:///var/run/early-docker.sock\"\n        Type=oneshot\n        RemainAfterExit=yes\n        ExecStart=/root/bootstrap.sh\n    - name: settimezone.service\n      command: start\n      content: |\n        [Unit]\n        Description=Set the timezone\n        [Service]\n        ExecStart=/usr/bin/timedatectl set-timezone UTC\n        RemainAfterExit=yes\n        Type=oneshot\nupdate:\n    reboot-strategy: off\nssh_authorized_keys:\n  - ${COREOS_AUTHKEY}\nwrite_files:\n  - path: /etc/hosts\n    permissions: 0644\n    content: |\n      ${DOCKER_REGISTRY}\n      ${PHX_PULP}\nwrite_files:\n  - path: /root/parse_manifest.sh\n    permissions: 0755\n    content: |\n      #!/usr/bin/bash\n      jq -c '.clusters[] | select(.clusterName == \"${KubernetesCluster}\") | .ansibleImageVersion' /tmp/cluster_manifest.json\nwrite_files:\n  - path: /root/pam_workaround.sh\n    permissions: 0755\n    content: |\n      #!/usr/bin/bash\n      if [[ -d /lib/pam.d ]]; then\n        rsync -a /lib/pam.d/ /etc/pam.d/\n        sed -i '/pam_systemd.so/d' /etc/pam.d/*\n        sed -i '/pam_nologin.so/d' /etc/pam.d/*\n      fi\nwrite_files:\n  - path: /root/bootstrap.sh\n    permissions: 0755\n    content: |\n      #!/usr/bin/bash\n      #\n      if [ -f /etc/coreos/update.conf ] ; then\n        rm  /etc/coreos/update.conf\n      fi\n\n      declare -r ansible_bucket=${ANSIBLE_BUCKET}\n\n      # Get cluster manifest from S3 bucket\n      curl -XGET -s \\\n      --retry 3 \\\n      --retry-delay 5 \\\n      $${ansible_bucket}/cluster_manifest.json \\\n      --output /tmp/cluster_manifest.json\n\n      # Get ansible-coreos bootstrap script from S3 bucket\n      curl -XGET -s \\\n      --retry 3 \\\n      --retry-delay 5 \\\n      $${ansible_bucket}/run-ansible-container.sh \\\n      --output /tmp/run-ansible-container.sh\n\n      declare -r docker_image=$$(bash /root/parse_manifest.sh | sed 's/\"//g')\n      bash -vx /root/pam_workaround.sh\n      bash -vx /tmp/run-ansible-container.sh $${docker_image}\n\n      exit 0\n",
                            "vars.%": "5",
                            "vars.ANSIBLE_BUCKET": "https://s3-us-west-2.amazonaws.com/jive-ansible-coreos-jive-infra-prod-usw2",
                            "vars.COREOS_AUTHKEY": "AAAAB3NzaC1yc2EAAAADAQABAAABAQDdUn7MngzRWLusJ+9S2MSibbJjkxV0fa5D6fUKJnGuYHxgL3vpMi+TLWRUIFv9tmBIxard8nS4/mNu6P0ENm5LmkAYPJngEMbCoQmpk89tbQIrlZrhr5FffP3fJfxzahEtYjEtNuBQuuMwrXN3hvuehVGWEu1lFG6WLYnejL0au2L4CJhCoV2g+b/uqTjsFVHhbGWvuazYL9SJmH2mWqEnbj2tj7goemU88bycisrMIvpKVWhu02KM2FUHgPwtoENi909LTpiD/y+3FzBwa7cpMNjmTmrzPbJTZ7gNNzSpPWHtCejE/B06+7lxSzbeRQP6q1Xb++bcVWODvh6qCb4b",
                            "vars.DOCKER_REGISTRY": "10.160.4.127 docker.phx1.jivehosted.com",
                            "vars.KubernetesCluster": "us-west-2_jive-infra-pipeline",
                            "vars.PHX_PULP": "10.160.70.25 pulp-slave"
                        },
                        "meta": {},
                        "tainted": false
                    },
                    "deposed": [],
                    "provider": ""
                },
                "null_resource.k8s_cluster": {
                    "type": "null_resource",
                    "depends_on": [],
                    "primary": {
                        "id": "378436300900417883",
                        "attributes": {
                            "id": "378436300900417883",
                            "triggers.%": "1",
                            "triggers.name": "us-west-2_jive-infra-pipeline"
                        },
                        "meta": {},
                        "tainted": false
                    },
                    "deposed": [],
                    "provider": ""
                }
            },
            "depends_on": []
        }
    ]
}
