{
    "version": 3,
    "terraform_version": "0.9.2",
    "serial": 2,
    "lineage": "7ba306aa-a0e1-4684-b366-27d146381865",
    "modules": [
        {
            "path": [
                "root"
            ],
            "outputs": {},
            "resources": {
                "aws_iam_instance_profile.ansible": {
                    "type": "aws_iam_instance_profile",
                    "depends_on": [
                        "aws_iam_role.ansible"
                    ],
                    "primary": {
                        "id": "ansible-profile",
                        "attributes": {
                            "arn": "arn:aws:iam::432181555651:instance-profile/ansible-profile",
                            "id": "ansible-profile",
                            "name": "ansible-profile",
                            "path": "/",
                            "roles.#": "1",
                            "roles.4003722031": "ansible-role",
                            "unique_id": "AIPAIIUUPEBCHYNNMZMMK"
                        },
                        "meta": {},
                        "tainted": false
                    },
                    "deposed": [],
                    "provider": ""
                },
                "aws_iam_instance_profile.eni-attach": {
                    "type": "aws_iam_instance_profile",
                    "depends_on": [
                        "aws_iam_role.eni-attach"
                    ],
                    "primary": {
                        "id": "eni-attach-profile",
                        "attributes": {
                            "arn": "arn:aws:iam::432181555651:instance-profile/eni-attach-profile",
                            "id": "eni-attach-profile",
                            "name": "eni-attach-profile",
                            "path": "/",
                            "roles.#": "1",
                            "roles.547820524": "eni-attach-role",
                            "unique_id": "AIPAJ2FWK75VC5XQHFIFK"
                        },
                        "meta": {},
                        "tainted": false
                    },
                    "deposed": [],
                    "provider": ""
                },
                "aws_iam_role.ansible": {
                    "type": "aws_iam_role",
                    "depends_on": [],
                    "primary": {
                        "id": "ansible-role",
                        "attributes": {
                            "arn": "arn:aws:iam::432181555651:role/ansible-role",
                            "assume_role_policy": "{\"Version\":\"2012-10-17\",\"Statement\":[{\"Sid\":\"\",\"Effect\":\"Allow\",\"Principal\":{\"Service\":\"ec2.amazonaws.com\"},\"Action\":\"sts:AssumeRole\"}]}",
                            "create_date": "2017-06-20T22:21:34Z",
                            "id": "ansible-role",
                            "name": "ansible-role",
                            "path": "/",
                            "unique_id": "AROAI6AU3OEQFAWCH77NQ"
                        },
                        "meta": {},
                        "tainted": false
                    },
                    "deposed": [],
                    "provider": ""
                },
                "aws_iam_role.eni-attach": {
                    "type": "aws_iam_role",
                    "depends_on": [],
                    "primary": {
                        "id": "eni-attach-role",
                        "attributes": {
                            "arn": "arn:aws:iam::432181555651:role/eni-attach-role",
                            "assume_role_policy": "{\"Version\":\"2012-10-17\",\"Statement\":[{\"Sid\":\"\",\"Effect\":\"Allow\",\"Principal\":{\"Service\":\"ec2.amazonaws.com\"},\"Action\":\"sts:AssumeRole\"}]}",
                            "create_date": "2017-06-20T22:21:34Z",
                            "id": "eni-attach-role",
                            "name": "eni-attach-role",
                            "path": "/",
                            "unique_id": "AROAJYZVCLNKY37K4YWYC"
                        },
                        "meta": {},
                        "tainted": false
                    },
                    "deposed": [],
                    "provider": ""
                },
                "aws_s3_bucket.ansible_coreos": {
                    "type": "aws_s3_bucket",
                    "depends_on": [],
                    "primary": {
                        "id": "jive-ansible-coreos-jivek8-aws",
                        "attributes": {
                            "acceleration_status": "",
                            "acl": "private",
                            "arn": "arn:aws:s3:::jive-ansible-coreos-jivek8-aws",
                            "bucket": "jive-ansible-coreos-jivek8-aws",
                            "bucket_domain_name": "jive-ansible-coreos-jivek8-aws.s3.amazonaws.com",
                            "force_destroy": "true",
                            "hosted_zone_id": "Z3BJ6K6RIION7M",
                            "id": "jive-ansible-coreos-jivek8-aws",
                            "policy": "{\"Statement\":[{\"Action\":\"s3:GetObject\",\"Condition\":{\"IpAddress\":{\"aws:SourceIp\":\"10.0.0.0/8\"}},\"Effect\":\"Allow\",\"Principal\":\"*\",\"Resource\":[\"arn:aws:s3:::jive-ansible-coreos-jivek8-aws\",\"arn:aws:s3:::jive-ansible-coreos-jivek8-aws/*\"],\"Sid\":\"statement1\"},{\"Action\":\"s3:GetObject\",\"Effect\":\"Allow\",\"Principal\":{\"AWS\":\"arn:aws:iam::432181555651:root\"},\"Resource\":[\"arn:aws:s3:::jive-ansible-coreos-jivek8-aws\",\"arn:aws:s3:::jive-ansible-coreos-jivek8-aws/*\"],\"Sid\":\"statement2\"}],\"Version\":\"2012-10-17\"}",
                            "region": "us-west-2",
                            "request_payer": "BucketOwner",
                            "tags.%": "3",
                            "tags.jive_service": "infrastructure",
                            "tags.pipeline_phase": "poc",
                            "tags.service_component": "ansible",
                            "versioning.#": "1",
                            "versioning.0.enabled": "false",
                            "versioning.0.mfa_delete": "false",
                            "website.#": "0"
                        },
                        "meta": {},
                        "tainted": false
                    },
                    "deposed": [],
                    "provider": ""
                }
            },
            "depends_on": []
        }
    ]
}
