{
    "version": 3,
    "terraform_version": "0.9.2",
    "serial": 16,
    "lineage": "5167ae9a-e378-40b3-9732-2f817afbf99c",
    "modules": [
        {
            "path": [
                "root"
            ],
            "outputs": {},
            "resources": {
                "aws_autoscaling_group.bastion": {
                    "type": "aws_autoscaling_group",
                    "depends_on": [
                        "aws_launch_configuration.bastion",
                        "aws_launch_configuration.bastion",
                        "aws_subnet.natdc"
                    ],
                    "primary": {
                        "id": "infra-brewprod-bastion-asg-terraform-00476207abc6debaeda017230a",
                        "attributes": {
                            "arn": "arn:aws:autoscaling:us-west-2:409573287771:autoScalingGroup:f83e0900-abf2-42a5-8e6b-ad41cbc785b4:autoScalingGroupName/infra-brewprod-bastion-asg-terraform-00476207abc6debaeda017230a",
                            "availability_zones.#": "1",
                            "availability_zones.2487133097": "us-west-2a",
                            "default_cooldown": "300",
                            "desired_capacity": "1",
                            "force_delete": "false",
                            "health_check_grace_period": "300",
                            "health_check_type": "EC2",
                            "id": "infra-brewprod-bastion-asg-terraform-00476207abc6debaeda017230a",
                            "launch_configuration": "terraform-00476207abc6debaeda017230a",
                            "load_balancers.#": "0",
                            "max_size": "1",
                            "metrics_granularity": "1Minute",
                            "min_size": "1",
                            "name": "infra-brewprod-bastion-asg-terraform-00476207abc6debaeda017230a",
                            "placement_group": "",
                            "protect_from_scale_in": "false",
                            "suspended_processes.#": "0",
                            "tag.#": "8",
                            "tag.1190137650.key": "bastionip",
                            "tag.1190137650.propagate_at_launch": "true",
                            "tag.1190137650.value": "10.127.24.7",
                            "tag.1227918615.key": "Name",
                            "tag.1227918615.propagate_at_launch": "true",
                            "tag.1227918615.value": "infra-brewprod-bastion-instance",
                            "tag.1341594247.key": "account_name",
                            "tag.1341594247.propagate_at_launch": "true",
                            "tag.1341594247.value": "jive-data-brewprod",
                            "tag.169118653.key": "sla",
                            "tag.169118653.propagate_at_launch": "true",
                            "tag.169118653.value": "prod",
                            "tag.2005627539.key": "region",
                            "tag.2005627539.propagate_at_launch": "true",
                            "tag.2005627539.value": "us-west-2",
                            "tag.2734052481.key": "service_component",
                            "tag.2734052481.propagate_at_launch": "true",
                            "tag.2734052481.value": "bastion",
                            "tag.3193485981.key": "pipeline_phase",
                            "tag.3193485981.propagate_at_launch": "true",
                            "tag.3193485981.value": "infra-brewprod",
                            "tag.853938758.key": "jive_service",
                            "tag.853938758.propagate_at_launch": "true",
                            "tag.853938758.value": "infrastructure",
                            "target_group_arns.#": "0",
                            "termination_policies.#": "0",
                            "vpc_zone_identifier.#": "1",
                            "vpc_zone_identifier.485189380": "subnet-19d7176f",
                            "wait_for_capacity_timeout": "10m"
                        },
                        "meta": {},
                        "tainted": false
                    },
                    "deposed": [],
                    "provider": ""
                },
                "aws_eip.natgw.0": {
                    "type": "aws_eip",
                    "depends_on": [],
                    "primary": {
                        "id": "eipalloc-4ce77f28",
                        "attributes": {
                            "association_id": "eipassoc-0d7c3137",
                            "domain": "vpc",
                            "id": "eipalloc-4ce77f28",
                            "instance": "",
                            "network_interface": "eni-cc9b90f6",
                            "private_ip": "10.127.24.102",
                            "public_ip": "52.39.179.85",
                            "vpc": "true"
                        },
                        "meta": {},
                        "tainted": false
                    },
                    "deposed": [],
                    "provider": ""
                },
                "aws_eip.natgw.1": {
                    "type": "aws_eip",
                    "depends_on": [],
                    "primary": {
                        "id": "eipalloc-631c7859",
                        "attributes": {
                            "association_id": "eipassoc-8b7f32b1",
                            "domain": "vpc",
                            "id": "eipalloc-631c7859",
                            "instance": "",
                            "network_interface": "eni-63c12b48",
                            "private_ip": "10.127.24.151",
                            "public_ip": "52.88.253.193",
                            "vpc": "true"
                        },
                        "meta": {},
                        "tainted": false
                    },
                    "deposed": [],
                    "provider": ""
                },
                "aws_eip.natgw.2": {
                    "type": "aws_eip",
                    "depends_on": [],
                    "primary": {
                        "id": "eipalloc-811c78bb",
                        "attributes": {
                            "association_id": "eipassoc-e57d30df",
                            "domain": "vpc",
                            "id": "eipalloc-811c78bb",
                            "instance": "",
                            "network_interface": "eni-6f693a63",
                            "private_ip": "10.127.24.185",
                            "public_ip": "52.25.230.3",
                            "vpc": "true"
                        },
                        "meta": {},
                        "tainted": false
                    },
                    "deposed": [],
                    "provider": ""
                },
                "aws_internet_gateway.igw": {
                    "type": "aws_internet_gateway",
                    "depends_on": [
                        "aws_vpc.main"
                    ],
                    "primary": {
                        "id": "igw-89a19dec",
                        "attributes": {
                            "id": "igw-89a19dec",
                            "tags.%": "5",
                            "tags.Name": "infra-brewprod-igw",
                            "tags.account_name": "jive-data-brewprod",
                            "tags.pipeline_phase": "infra-brewprod",
                            "tags.region": "us-west-2",
                            "tags.sla": "prod",
                            "vpc_id": "vpc-74892910"
                        },
                        "meta": {},
                        "tainted": false
                    },
                    "deposed": [],
                    "provider": ""
                },
                "aws_launch_configuration.bastion": {
                    "type": "aws_launch_configuration",
                    "depends_on": [
                        "aws_security_group.admin_instance",
                        "aws_security_group.env_instance",
                        "aws_security_group.jive_phx_dc",
                        "data.template_file.bastion_user_data"
                    ],
                    "primary": {
                        "id": "terraform-00476207abc6debaeda017230a",
                        "attributes": {
                            "associate_public_ip_address": "false",
                            "ebs_block_device.#": "0",
                            "ebs_optimized": "false",
                            "enable_monitoring": "true",
                            "ephemeral_block_device.#": "0",
                            "iam_instance_profile": "eni-attach-profile",
                            "id": "terraform-00476207abc6debaeda017230a",
                            "image_id": "ami-d2c924b2",
                            "instance_type": "t2.medium",
                            "key_name": "data-brewprod",
                            "name": "terraform-00476207abc6debaeda017230a",
                            "root_block_device.#": "1",
                            "root_block_device.0.delete_on_termination": "true",
                            "root_block_device.0.iops": "0",
                            "root_block_device.0.volume_size": "25",
                            "root_block_device.0.volume_type": "",
                            "security_groups.#": "3",
                            "security_groups.2359559984": "sg-dbdcecbc",
                            "security_groups.2409678185": "sg-a6dcecc1",
                            "security_groups.589858830": "sg-dadcecbd",
                            "spot_price": "",
                            "user_data": "b0970d8c4b0f8b2e1c1bbb7fb79a9afc4a359e83",
                            "vpc_classic_link_id": "",
                            "vpc_classic_link_security_groups.#": "0"
                        },
                        "meta": {},
                        "tainted": false
                    },
                    "deposed": [],
                    "provider": ""
                },
                "aws_nat_gateway.natgw.0": {
                    "type": "aws_nat_gateway",
                    "depends_on": [
                        "aws_eip.natgw.*",
                        "aws_internet_gateway.igw",
                        "aws_subnet.public.*"
                    ],
                    "primary": {
                        "id": "nat-0d044da0e14cef418",
                        "attributes": {
                            "allocation_id": "eipalloc-4ce77f28",
                            "id": "nat-0d044da0e14cef418",
                            "network_interface_id": "eni-cc9b90f6",
                            "private_ip": "10.127.24.102",
                            "public_ip": "52.39.179.85",
                            "subnet_id": "subnet-06d71770"
                        },
                        "meta": {},
                        "tainted": false
                    },
                    "deposed": [],
                    "provider": ""
                },
                "aws_nat_gateway.natgw.1": {
                    "type": "aws_nat_gateway",
                    "depends_on": [
                        "aws_eip.natgw.*",
                        "aws_internet_gateway.igw",
                        "aws_subnet.public.*"
                    ],
                    "primary": {
                        "id": "nat-05c20b609436bdce6",
                        "attributes": {
                            "allocation_id": "eipalloc-631c7859",
                            "id": "nat-05c20b609436bdce6",
                            "network_interface_id": "eni-63c12b48",
                            "private_ip": "10.127.24.151",
                            "public_ip": "52.88.253.193",
                            "subnet_id": "subnet-589b343c"
                        },
                        "meta": {},
                        "tainted": false
                    },
                    "deposed": [],
                    "provider": ""
                },
                "aws_nat_gateway.natgw.2": {
                    "type": "aws_nat_gateway",
                    "depends_on": [
                        "aws_eip.natgw.*",
                        "aws_internet_gateway.igw",
                        "aws_subnet.public.*"
                    ],
                    "primary": {
                        "id": "nat-05dc34b4bb40b95ac",
                        "attributes": {
                            "allocation_id": "eipalloc-811c78bb",
                            "id": "nat-05dc34b4bb40b95ac",
                            "network_interface_id": "eni-6f693a63",
                            "private_ip": "10.127.24.185",
                            "public_ip": "52.25.230.3",
                            "subnet_id": "subnet-58908301"
                        },
                        "meta": {},
                        "tainted": false
                    },
                    "deposed": [],
                    "provider": ""
                },
                "aws_network_interface.bastion": {
                    "type": "aws_network_interface",
                    "depends_on": [
                        "aws_security_group.admin_instance",
                        "aws_security_group.env_instance",
                        "aws_security_group.jive_phx_dc",
                        "aws_subnet.natdc"
                    ],
                    "primary": {
                        "id": "eni-ef804ea2",
                        "attributes": {
                            "attachment.#": "1",
                            "attachment.1424212727.attachment_id": "eni-attach-cc9c28aa",
                            "attachment.1424212727.device_index": "1",
                            "attachment.1424212727.instance": "i-0b6df6030029ca39f",
                            "description": "",
                            "id": "eni-ef804ea2",
                            "private_ips.#": "1",
                            "private_ips.2068606612": "10.127.24.7",
                            "security_groups.#": "3",
                            "security_groups.2359559984": "sg-dbdcecbc",
                            "security_groups.2409678185": "sg-a6dcecc1",
                            "security_groups.589858830": "sg-dadcecbd",
                            "source_dest_check": "true",
                            "subnet_id": "subnet-19d7176f",
                            "tags.%": "7",
                            "tags.Name": "infra-brewprod-bastion-instance",
                            "tags.account_name": "jive-data-brewprod",
                            "tags.jive_service": "infrastructure",
                            "tags.pipeline_phase": "infra-brewprod",
                            "tags.region": "us-west-2",
                            "tags.service_component": "bastion",
                            "tags.sla": "prod"
                        },
                        "meta": {},
                        "tainted": false
                    },
                    "deposed": [],
                    "provider": ""
                },
                "aws_route53_record.bastion": {
                    "type": "aws_route53_record",
                    "depends_on": [],
                    "primary": {
                        "id": "Z3QR57QN1EXLU9_bastion-us-west-2-jive-data-brewprod_A",
                        "attributes": {
                            "fqdn": "bastion-us-west-2-jive-data-brewprod.jiveprivate.com",
                            "health_check_id": "",
                            "id": "Z3QR57QN1EXLU9_bastion-us-west-2-jive-data-brewprod_A",
                            "name": "bastion-us-west-2-jive-data-brewprod",
                            "records.#": "1",
                            "records.2068606612": "10.127.24.7",
                            "set_identifier": "",
                            "ttl": "60",
                            "type": "A",
                            "zone_id": "Z3QR57QN1EXLU9"
                        },
                        "meta": {
                            "schema_version": "2"
                        },
                        "tainted": false
                    },
                    "deposed": [],
                    "provider": ""
                },
                "aws_route53_zone_association.route53": {
                    "type": "aws_route53_zone_association",
                    "depends_on": [
                        "aws_vpc.main"
                    ],
                    "primary": {
                        "id": "Z3QR57QN1EXLU9:vpc-74892910",
                        "attributes": {
                            "id": "Z3QR57QN1EXLU9:vpc-74892910",
                            "vpc_id": "vpc-74892910",
                            "vpc_region": "us-west-2",
                            "zone_id": "Z3QR57QN1EXLU9"
                        },
                        "meta": {},
                        "tainted": false
                    },
                    "deposed": [],
                    "provider": ""
                },
                "aws_route_table.natdc.0": {
                    "type": "aws_route_table",
                    "depends_on": [
                        "aws_nat_gateway.natgw",
                        "aws_vpc.main",
                        "aws_vpn_gateway.vgw"
                    ],
                    "primary": {
                        "id": "rtb-1cbb3278",
                        "attributes": {
                            "id": "rtb-1cbb3278",
                            "propagating_vgws.#": "1",
                            "propagating_vgws.2851626004": "vgw-c2b56cdc",
                            "route.#": "2",
                            "route.1187116647.cidr_block": "10.123.0.0/20",
                            "route.1187116647.egress_only_gateway_id": "",
                            "route.1187116647.gateway_id": "",
                            "route.1187116647.instance_id": "",
                            "route.1187116647.ipv6_cidr_block": "",
                            "route.1187116647.nat_gateway_id": "",
                            "route.1187116647.network_interface_id": "",
                            "route.1187116647.vpc_peering_connection_id": "pcx-21b61c48",
                            "route.24161356.cidr_block": "0.0.0.0/0",
                            "route.24161356.egress_only_gateway_id": "",
                            "route.24161356.gateway_id": "",
                            "route.24161356.instance_id": "",
                            "route.24161356.ipv6_cidr_block": "",
                            "route.24161356.nat_gateway_id": "nat-05c20b609436bdce6",
                            "route.24161356.network_interface_id": "",
                            "route.24161356.vpc_peering_connection_id": "",
                            "tags.%": "5",
                            "tags.Name": "infra-brewprod-natdc-routetable",
                            "tags.account_name": "jive-data-brewprod",
                            "tags.pipeline_phase": "infra-brewprod",
                            "tags.region": "us-west-2",
                            "tags.sla": "prod",
                            "vpc_id": "vpc-74892910"
                        },
                        "meta": {},
                        "tainted": false
                    },
                    "deposed": [],
                    "provider": ""
                },
                "aws_route_table.natdc.1": {
                    "type": "aws_route_table",
                    "depends_on": [
                        "aws_nat_gateway.natgw.*",
                        "aws_vpc.main",
                        "aws_vpn_gateway.vgw"
                    ],
                    "primary": {
                        "id": "rtb-b360bad5",
                        "attributes": {
                            "id": "rtb-b360bad5",
                            "propagating_vgws.#": "1",
                            "propagating_vgws.2851626004": "vgw-c2b56cdc",
                            "route.#": "2",
                            "route.1187116647.cidr_block": "10.123.0.0/20",
                            "route.1187116647.egress_only_gateway_id": "",
                            "route.1187116647.gateway_id": "",
                            "route.1187116647.instance_id": "",
                            "route.1187116647.ipv6_cidr_block": "",
                            "route.1187116647.nat_gateway_id": "",
                            "route.1187116647.network_interface_id": "",
                            "route.1187116647.vpc_peering_connection_id": "pcx-21b61c48",
                            "route.24161356.cidr_block": "0.0.0.0/0",
                            "route.24161356.egress_only_gateway_id": "",
                            "route.24161356.gateway_id": "",
                            "route.24161356.instance_id": "",
                            "route.24161356.ipv6_cidr_block": "",
                            "route.24161356.nat_gateway_id": "nat-05c20b609436bdce6",
                            "route.24161356.network_interface_id": "",
                            "route.24161356.vpc_peering_connection_id": "",
                            "tags.%": "5",
                            "tags.Name": "infra-brewprod-natdc-routetable",
                            "tags.account_name": "jive-data-brewprod",
                            "tags.pipeline_phase": "infra-brewprod",
                            "tags.region": "us-west-2",
                            "tags.sla": "prod",
                            "vpc_id": "vpc-74892910"
                        },
                        "meta": {},
                        "tainted": false
                    },
                    "deposed": [],
                    "provider": ""
                },
                "aws_route_table.natdc.2": {
                    "type": "aws_route_table",
                    "depends_on": [
                        "aws_nat_gateway.natgw.*",
                        "aws_vpc.main",
                        "aws_vpn_gateway.vgw"
                    ],
                    "primary": {
                        "id": "rtb-a06db7c6",
                        "attributes": {
                            "id": "rtb-a06db7c6",
                            "propagating_vgws.#": "1",
                            "propagating_vgws.2851626004": "vgw-c2b56cdc",
                            "route.#": "2",
                            "route.1187116647.cidr_block": "10.123.0.0/20",
                            "route.1187116647.egress_only_gateway_id": "",
                            "route.1187116647.gateway_id": "",
                            "route.1187116647.instance_id": "",
                            "route.1187116647.ipv6_cidr_block": "",
                            "route.1187116647.nat_gateway_id": "",
                            "route.1187116647.network_interface_id": "",
                            "route.1187116647.vpc_peering_connection_id": "pcx-21b61c48",
                            "route.2348321435.cidr_block": "0.0.0.0/0",
                            "route.2348321435.egress_only_gateway_id": "",
                            "route.2348321435.gateway_id": "",
                            "route.2348321435.instance_id": "",
                            "route.2348321435.ipv6_cidr_block": "",
                            "route.2348321435.nat_gateway_id": "nat-05dc34b4bb40b95ac",
                            "route.2348321435.network_interface_id": "",
                            "route.2348321435.vpc_peering_connection_id": "",
                            "tags.%": "5",
                            "tags.Name": "infra-brewprod-natdc-routetable",
                            "tags.account_name": "jive-data-brewprod",
                            "tags.pipeline_phase": "infra-brewprod",
                            "tags.region": "us-west-2",
                            "tags.sla": "prod",
                            "vpc_id": "vpc-74892910"
                        },
                        "meta": {},
                        "tainted": false
                    },
                    "deposed": [],
                    "provider": ""
                },
                "aws_route_table.private": {
                    "type": "aws_route_table",
                    "depends_on": [
                        "aws_vpc.main"
                    ],
                    "primary": {
                        "id": "rtb-51bb3235",
                        "attributes": {
                            "id": "rtb-51bb3235",
                            "propagating_vgws.#": "0",
                            "route.#": "1",
                            "route.1187116647.cidr_block": "10.123.0.0/20",
                            "route.1187116647.egress_only_gateway_id": "",
                            "route.1187116647.gateway_id": "",
                            "route.1187116647.instance_id": "",
                            "route.1187116647.ipv6_cidr_block": "",
                            "route.1187116647.nat_gateway_id": "",
                            "route.1187116647.network_interface_id": "",
                            "route.1187116647.vpc_peering_connection_id": "pcx-21b61c48",
                            "tags.%": "5",
                            "tags.Name": "infra-brewprod-private-routetable",
                            "tags.account_name": "jive-data-brewprod",
                            "tags.pipeline_phase": "infra-brewprod",
                            "tags.region": "us-west-2",
                            "tags.sla": "prod",
                            "vpc_id": "vpc-74892910"
                        },
                        "meta": {},
                        "tainted": false
                    },
                    "deposed": [],
                    "provider": ""
                },
                "aws_route_table.public": {
                    "type": "aws_route_table",
                    "depends_on": [
                        "aws_internet_gateway.igw",
                        "aws_vpc.main"
                    ],
                    "primary": {
                        "id": "rtb-5cbb3238",
                        "attributes": {
                            "id": "rtb-5cbb3238",
                            "propagating_vgws.#": "0",
                            "route.#": "2",
                            "route.1187116647.cidr_block": "10.123.0.0/20",
                            "route.1187116647.egress_only_gateway_id": "",
                            "route.1187116647.gateway_id": "",
                            "route.1187116647.instance_id": "",
                            "route.1187116647.ipv6_cidr_block": "",
                            "route.1187116647.nat_gateway_id": "",
                            "route.1187116647.network_interface_id": "",
                            "route.1187116647.vpc_peering_connection_id": "pcx-21b61c48",
                            "route.1868410057.cidr_block": "0.0.0.0/0",
                            "route.1868410057.egress_only_gateway_id": "",
                            "route.1868410057.gateway_id": "igw-89a19dec",
                            "route.1868410057.instance_id": "",
                            "route.1868410057.ipv6_cidr_block": "",
                            "route.1868410057.nat_gateway_id": "",
                            "route.1868410057.network_interface_id": "",
                            "route.1868410057.vpc_peering_connection_id": "",
                            "tags.%": "5",
                            "tags.Name": "infra-brewprod-public-routetable",
                            "tags.account_name": "jive-data-brewprod",
                            "tags.pipeline_phase": "infra-brewprod",
                            "tags.region": "us-west-2",
                            "tags.sla": "prod",
                            "vpc_id": "vpc-74892910"
                        },
                        "meta": {},
                        "tainted": false
                    },
                    "deposed": [],
                    "provider": ""
                },
                "aws_route_table_association.natdc.0": {
                    "type": "aws_route_table_association",
                    "depends_on": [
                        "aws_route_table.natdc.*",
                        "aws_subnet.natdc.*"
                    ],
                    "primary": {
                        "id": "rtbassoc-0f50666b",
                        "attributes": {
                            "id": "rtbassoc-0f50666b",
                            "route_table_id": "rtb-1cbb3278",
                            "subnet_id": "subnet-5f9b343b"
                        },
                        "meta": {},
                        "tainted": false
                    },
                    "deposed": [],
                    "provider": ""
                },
                "aws_route_table_association.natdc.1": {
                    "type": "aws_route_table_association",
                    "depends_on": [
                        "aws_route_table.natdc.*",
                        "aws_subnet.natdc.*"
                    ],
                    "primary": {
                        "id": "rtbassoc-a704d4de",
                        "attributes": {
                            "id": "rtbassoc-a704d4de",
                            "route_table_id": "rtb-b360bad5",
                            "subnet_id": "subnet-59908300"
                        },
                        "meta": {},
                        "tainted": false
                    },
                    "deposed": [],
                    "provider": ""
                },
                "aws_route_table_association.natdc.2": {
                    "type": "aws_route_table_association",
                    "depends_on": [
                        "aws_route_table.natdc.*",
                        "aws_subnet.natdc.*"
                    ],
                    "primary": {
                        "id": "rtbassoc-8108d8f8",
                        "attributes": {
                            "id": "rtbassoc-8108d8f8",
                            "route_table_id": "rtb-a06db7c6",
                            "subnet_id": "subnet-19d7176f"
                        },
                        "meta": {},
                        "tainted": false
                    },
                    "deposed": [],
                    "provider": ""
                },
                "aws_route_table_association.private.0": {
                    "type": "aws_route_table_association",
                    "depends_on": [
                        "aws_route_table.private",
                        "aws_subnet.private"
                    ],
                    "primary": {
                        "id": "rtbassoc-72506616",
                        "attributes": {
                            "id": "rtbassoc-72506616",
                            "route_table_id": "rtb-51bb3235",
                            "subnet_id": "subnet-1ad7176c"
                        },
                        "meta": {},
                        "tainted": false
                    },
                    "deposed": [],
                    "provider": ""
                },
                "aws_route_table_association.private.1": {
                    "type": "aws_route_table_association",
                    "depends_on": [
                        "aws_route_table.private",
                        "aws_subnet.private"
                    ],
                    "primary": {
                        "id": "rtbassoc-73506617",
                        "attributes": {
                            "id": "rtbassoc-73506617",
                            "route_table_id": "rtb-51bb3235",
                            "subnet_id": "subnet-5c9b3438"
                        },
                        "meta": {},
                        "tainted": false
                    },
                    "deposed": [],
                    "provider": ""
                },
                "aws_route_table_association.private.2": {
                    "type": "aws_route_table_association",
                    "depends_on": [
                        "aws_route_table.private",
                        "aws_subnet.private"
                    ],
                    "primary": {
                        "id": "rtbassoc-71506615",
                        "attributes": {
                            "id": "rtbassoc-71506615",
                            "route_table_id": "rtb-51bb3235",
                            "subnet_id": "subnet-a79182fe"
                        },
                        "meta": {},
                        "tainted": false
                    },
                    "deposed": [],
                    "provider": ""
                },
                "aws_route_table_association.public.0": {
                    "type": "aws_route_table_association",
                    "depends_on": [
                        "aws_route_table.public",
                        "aws_subnet.public"
                    ],
                    "primary": {
                        "id": "rtbassoc-46506622",
                        "attributes": {
                            "id": "rtbassoc-46506622",
                            "route_table_id": "rtb-5cbb3238",
                            "subnet_id": "subnet-06d71770"
                        },
                        "meta": {},
                        "tainted": false
                    },
                    "deposed": [],
                    "provider": ""
                },
                "aws_route_table_association.public.1": {
                    "type": "aws_route_table_association",
                    "depends_on": [
                        "aws_route_table.public",
                        "aws_subnet.public"
                    ],
                    "primary": {
                        "id": "rtbassoc-47506623",
                        "attributes": {
                            "id": "rtbassoc-47506623",
                            "route_table_id": "rtb-5cbb3238",
                            "subnet_id": "subnet-589b343c"
                        },
                        "meta": {},
                        "tainted": false
                    },
                    "deposed": [],
                    "provider": ""
                },
                "aws_route_table_association.public.2": {
                    "type": "aws_route_table_association",
                    "depends_on": [
                        "aws_route_table.public",
                        "aws_subnet.public"
                    ],
                    "primary": {
                        "id": "rtbassoc-45506621",
                        "attributes": {
                            "id": "rtbassoc-45506621",
                            "route_table_id": "rtb-5cbb3238",
                            "subnet_id": "subnet-58908301"
                        },
                        "meta": {},
                        "tainted": false
                    },
                    "deposed": [],
                    "provider": ""
                },
                "aws_security_group.admin_instance": {
                    "type": "aws_security_group",
                    "depends_on": [
                        "aws_vpc.main"
                    ],
                    "primary": {
                        "id": "sg-dadcecbd",
                        "attributes": {
                            "description": "Admin instances for the VPC",
                            "egress.#": "0",
                            "id": "sg-dadcecbd",
                            "ingress.#": "0",
                            "name": "infra-brewprod-admin-instance",
                            "owner_id": "409573287771",
                            "tags.%": "5",
                            "tags.Name": "infra-brewprod-admin-instance",
                            "tags.account_name": "jive-data-brewprod",
                            "tags.pipeline_phase": "infra-brewprod",
                            "tags.region": "us-west-2",
                            "tags.sla": "prod",
                            "vpc_id": "vpc-74892910"
                        },
                        "meta": {},
                        "tainted": false
                    },
                    "deposed": [],
                    "provider": ""
                },
                "aws_security_group.env_instance": {
                    "type": "aws_security_group",
                    "depends_on": [
                        "aws_security_group.admin_instance",
                        "aws_vpc.main"
                    ],
                    "primary": {
                        "id": "sg-a6dcecc1",
                        "attributes": {
                            "description": "All instances within the evironment",
                            "egress.#": "1",
                            "egress.482069346.cidr_blocks.#": "1",
                            "egress.482069346.cidr_blocks.0": "0.0.0.0/0",
                            "egress.482069346.from_port": "0",
                            "egress.482069346.ipv6_cidr_blocks.#": "0",
                            "egress.482069346.prefix_list_ids.#": "0",
                            "egress.482069346.protocol": "-1",
                            "egress.482069346.security_groups.#": "0",
                            "egress.482069346.self": "false",
                            "egress.482069346.to_port": "0",
                            "id": "sg-a6dcecc1",
                            "ingress.#": "2",
                            "ingress.2416034606.cidr_blocks.#": "0",
                            "ingress.2416034606.from_port": "8",
                            "ingress.2416034606.ipv6_cidr_blocks.#": "0",
                            "ingress.2416034606.protocol": "icmp",
                            "ingress.2416034606.security_groups.#": "1",
                            "ingress.2416034606.security_groups.589858830": "sg-dadcecbd",
                            "ingress.2416034606.self": "false",
                            "ingress.2416034606.to_port": "0",
                            "ingress.762649741.cidr_blocks.#": "0",
                            "ingress.762649741.from_port": "22",
                            "ingress.762649741.ipv6_cidr_blocks.#": "0",
                            "ingress.762649741.protocol": "tcp",
                            "ingress.762649741.security_groups.#": "1",
                            "ingress.762649741.security_groups.589858830": "sg-dadcecbd",
                            "ingress.762649741.self": "false",
                            "ingress.762649741.to_port": "22",
                            "name": "infra-brewprod-instance",
                            "owner_id": "409573287771",
                            "tags.%": "5",
                            "tags.Name": "infra-brewprod-instance",
                            "tags.account_name": "jive-data-brewprod",
                            "tags.pipeline_phase": "infra-brewprod",
                            "tags.region": "us-west-2",
                            "tags.sla": "prod",
                            "vpc_id": "vpc-74892910"
                        },
                        "meta": {},
                        "tainted": false
                    },
                    "deposed": [],
                    "provider": ""
                },
                "aws_security_group.jive_phx_dc": {
                    "type": "aws_security_group",
                    "depends_on": [
                        "aws_vpc.main"
                    ],
                    "primary": {
                        "id": "sg-dbdcecbc",
                        "attributes": {
                            "description": "Allow SSH and Ping from CIDRs within Jive PHX Data Center",
                            "egress.#": "0",
                            "id": "sg-dbdcecbc",
                            "ingress.#": "2",
                            "ingress.2541437006.cidr_blocks.#": "1",
                            "ingress.2541437006.cidr_blocks.0": "0.0.0.0/0",
                            "ingress.2541437006.from_port": "22",
                            "ingress.2541437006.ipv6_cidr_blocks.#": "0",
                            "ingress.2541437006.protocol": "tcp",
                            "ingress.2541437006.security_groups.#": "0",
                            "ingress.2541437006.self": "false",
                            "ingress.2541437006.to_port": "22",
                            "ingress.562924094.cidr_blocks.#": "7",
                            "ingress.562924094.cidr_blocks.0": "10.10.0.0/16",
                            "ingress.562924094.cidr_blocks.1": "10.96.0.0/12",
                            "ingress.562924094.cidr_blocks.2": "10.128.0.0/12",
                            "ingress.562924094.cidr_blocks.3": "10.160.0.0/12",
                            "ingress.562924094.cidr_blocks.4": "10.190.0.0/15",
                            "ingress.562924094.cidr_blocks.5": "10.248.0.0/13",
                            "ingress.562924094.cidr_blocks.6": "70.98.39.250/32",
                            "ingress.562924094.from_port": "8",
                            "ingress.562924094.ipv6_cidr_blocks.#": "0",
                            "ingress.562924094.protocol": "icmp",
                            "ingress.562924094.security_groups.#": "0",
                            "ingress.562924094.self": "false",
                            "ingress.562924094.to_port": "0",
                            "name": "infra-brewprod-jive-phx-dc",
                            "owner_id": "409573287771",
                            "tags.%": "5",
                            "tags.Name": "infra-brewprod-jive-phx-dc",
                            "tags.account_name": "jive-data-brewprod",
                            "tags.pipeline_phase": "infra-brewprod",
                            "tags.region": "us-west-2",
                            "tags.sla": "prod",
                            "vpc_id": "vpc-74892910"
                        },
                        "meta": {},
                        "tainted": false
                    },
                    "deposed": [],
                    "provider": ""
                },
                "aws_security_group.natgw_instance": {
                    "type": "aws_security_group",
                    "depends_on": [
                        "aws_security_group.env_instance",
                        "aws_vpc.main"
                    ],
                    "primary": {
                        "id": "sg-afdcecc8",
                        "attributes": {
                            "description": "Members of this SG are allowed to send any type of traffic to the NAT Box.",
                            "egress.#": "0",
                            "id": "sg-afdcecc8",
                            "ingress.#": "1",
                            "ingress.3176454909.cidr_blocks.#": "0",
                            "ingress.3176454909.from_port": "0",
                            "ingress.3176454909.ipv6_cidr_blocks.#": "0",
                            "ingress.3176454909.protocol": "-1",
                            "ingress.3176454909.security_groups.#": "1",
                            "ingress.3176454909.security_groups.2409678185": "sg-a6dcecc1",
                            "ingress.3176454909.self": "false",
                            "ingress.3176454909.to_port": "0",
                            "name": "infra-brewprod-natgw-instance",
                            "owner_id": "409573287771",
                            "tags.%": "5",
                            "tags.Name": "infra-brewprod-natgw-instance",
                            "tags.account_name": "jive-data-brewprod",
                            "tags.pipeline_phase": "infra-brewprod",
                            "tags.region": "us-west-2",
                            "tags.sla": "prod",
                            "vpc_id": "vpc-74892910"
                        },
                        "meta": {},
                        "tainted": false
                    },
                    "deposed": [],
                    "provider": ""
                },
                "aws_subnet.natdc.0": {
                    "type": "aws_subnet",
                    "depends_on": [
                        "aws_vpc.main"
                    ],
                    "primary": {
                        "id": "subnet-19d7176f",
                        "attributes": {
                            "assign_ipv6_address_on_creation": "false",
                            "availability_zone": "us-west-2a",
                            "cidr_block": "10.127.24.0/27",
                            "id": "subnet-19d7176f",
                            "map_public_ip_on_launch": "false",
                            "tags.%": "5",
                            "tags.Name": "infra-brewprod-natdc-subnet",
                            "tags.account_name": "jive-data-brewprod",
                            "tags.pipeline_phase": "infra-brewprod",
                            "tags.region": "us-west-2",
                            "tags.sla": "prod",
                            "vpc_id": "vpc-74892910"
                        },
                        "meta": {},
                        "tainted": false
                    },
                    "deposed": [],
                    "provider": ""
                },
                "aws_subnet.natdc.1": {
                    "type": "aws_subnet",
                    "depends_on": [
                        "aws_vpc.main"
                    ],
                    "primary": {
                        "id": "subnet-5f9b343b",
                        "attributes": {
                            "assign_ipv6_address_on_creation": "false",
                            "availability_zone": "us-west-2b",
                            "cidr_block": "10.127.24.32/27",
                            "id": "subnet-5f9b343b",
                            "map_public_ip_on_launch": "false",
                            "tags.%": "5",
                            "tags.Name": "infra-brewprod-natdc-subnet",
                            "tags.account_name": "jive-data-brewprod",
                            "tags.pipeline_phase": "infra-brewprod",
                            "tags.region": "us-west-2",
                            "tags.sla": "prod",
                            "vpc_id": "vpc-74892910"
                        },
                        "meta": {},
                        "tainted": false
                    },
                    "deposed": [],
                    "provider": ""
                },
                "aws_subnet.natdc.2": {
                    "type": "aws_subnet",
                    "depends_on": [
                        "aws_vpc.main"
                    ],
                    "primary": {
                        "id": "subnet-59908300",
                        "attributes": {
                            "assign_ipv6_address_on_creation": "false",
                            "availability_zone": "us-west-2c",
                            "cidr_block": "10.127.24.64/27",
                            "id": "subnet-59908300",
                            "map_public_ip_on_launch": "false",
                            "tags.%": "5",
                            "tags.Name": "infra-brewprod-natdc-subnet",
                            "tags.account_name": "jive-data-brewprod",
                            "tags.pipeline_phase": "infra-brewprod",
                            "tags.region": "us-west-2",
                            "tags.sla": "prod",
                            "vpc_id": "vpc-74892910"
                        },
                        "meta": {},
                        "tainted": false
                    },
                    "deposed": [],
                    "provider": ""
                },
                "aws_subnet.private.0": {
                    "type": "aws_subnet",
                    "depends_on": [
                        "aws_vpc.main"
                    ],
                    "primary": {
                        "id": "subnet-1ad7176c",
                        "attributes": {
                            "assign_ipv6_address_on_creation": "false",
                            "availability_zone": "us-west-2a",
                            "cidr_block": "10.127.24.192/28",
                            "id": "subnet-1ad7176c",
                            "map_public_ip_on_launch": "false",
                            "tags.%": "5",
                            "tags.Name": "infra-brewprod-private-subnet",
                            "tags.account_name": "jive-data-brewprod",
                            "tags.pipeline_phase": "infra-brewprod",
                            "tags.region": "us-west-2",
                            "tags.sla": "prod",
                            "vpc_id": "vpc-74892910"
                        },
                        "meta": {},
                        "tainted": false
                    },
                    "deposed": [],
                    "provider": ""
                },
                "aws_subnet.private.1": {
                    "type": "aws_subnet",
                    "depends_on": [
                        "aws_vpc.main"
                    ],
                    "primary": {
                        "id": "subnet-5c9b3438",
                        "attributes": {
                            "assign_ipv6_address_on_creation": "false",
                            "availability_zone": "us-west-2b",
                            "cidr_block": "10.127.24.208/28",
                            "id": "subnet-5c9b3438",
                            "map_public_ip_on_launch": "false",
                            "tags.%": "5",
                            "tags.Name": "infra-brewprod-private-subnet",
                            "tags.account_name": "jive-data-brewprod",
                            "tags.pipeline_phase": "infra-brewprod",
                            "tags.region": "us-west-2",
                            "tags.sla": "prod",
                            "vpc_id": "vpc-74892910"
                        },
                        "meta": {},
                        "tainted": false
                    },
                    "deposed": [],
                    "provider": ""
                },
                "aws_subnet.private.2": {
                    "type": "aws_subnet",
                    "depends_on": [
                        "aws_vpc.main"
                    ],
                    "primary": {
                        "id": "subnet-a79182fe",
                        "attributes": {
                            "assign_ipv6_address_on_creation": "false",
                            "availability_zone": "us-west-2c",
                            "cidr_block": "10.127.24.224/28",
                            "id": "subnet-a79182fe",
                            "map_public_ip_on_launch": "false",
                            "tags.%": "5",
                            "tags.Name": "infra-brewprod-private-subnet",
                            "tags.account_name": "jive-data-brewprod",
                            "tags.pipeline_phase": "infra-brewprod",
                            "tags.region": "us-west-2",
                            "tags.sla": "prod",
                            "vpc_id": "vpc-74892910"
                        },
                        "meta": {},
                        "tainted": false
                    },
                    "deposed": [],
                    "provider": ""
                },
                "aws_subnet.public.0": {
                    "type": "aws_subnet",
                    "depends_on": [
                        "aws_vpc.main"
                    ],
                    "primary": {
                        "id": "subnet-06d71770",
                        "attributes": {
                            "assign_ipv6_address_on_creation": "false",
                            "availability_zone": "us-west-2a",
                            "cidr_block": "10.127.24.96/27",
                            "id": "subnet-06d71770",
                            "map_public_ip_on_launch": "false",
                            "tags.%": "5",
                            "tags.Name": "infra-brewprod-public-subnet",
                            "tags.account_name": "jive-data-brewprod",
                            "tags.pipeline_phase": "infra-brewprod",
                            "tags.region": "us-west-2",
                            "tags.sla": "prod",
                            "vpc_id": "vpc-74892910"
                        },
                        "meta": {},
                        "tainted": false
                    },
                    "deposed": [],
                    "provider": ""
                },
                "aws_subnet.public.1": {
                    "type": "aws_subnet",
                    "depends_on": [
                        "aws_vpc.main"
                    ],
                    "primary": {
                        "id": "subnet-589b343c",
                        "attributes": {
                            "assign_ipv6_address_on_creation": "false",
                            "availability_zone": "us-west-2b",
                            "cidr_block": "10.127.24.128/27",
                            "id": "subnet-589b343c",
                            "map_public_ip_on_launch": "false",
                            "tags.%": "5",
                            "tags.Name": "infra-brewprod-public-subnet",
                            "tags.account_name": "jive-data-brewprod",
                            "tags.pipeline_phase": "infra-brewprod",
                            "tags.region": "us-west-2",
                            "tags.sla": "prod",
                            "vpc_id": "vpc-74892910"
                        },
                        "meta": {},
                        "tainted": false
                    },
                    "deposed": [],
                    "provider": ""
                },
                "aws_subnet.public.2": {
                    "type": "aws_subnet",
                    "depends_on": [
                        "aws_vpc.main"
                    ],
                    "primary": {
                        "id": "subnet-58908301",
                        "attributes": {
                            "assign_ipv6_address_on_creation": "false",
                            "availability_zone": "us-west-2c",
                            "cidr_block": "10.127.24.160/27",
                            "id": "subnet-58908301",
                            "map_public_ip_on_launch": "false",
                            "tags.%": "5",
                            "tags.Name": "infra-brewprod-public-subnet",
                            "tags.account_name": "jive-data-brewprod",
                            "tags.pipeline_phase": "infra-brewprod",
                            "tags.region": "us-west-2",
                            "tags.sla": "prod",
                            "vpc_id": "vpc-74892910"
                        },
                        "meta": {},
                        "tainted": false
                    },
                    "deposed": [],
                    "provider": ""
                },
                "aws_vpc.main": {
                    "type": "aws_vpc",
                    "depends_on": [],
                    "primary": {
                        "id": "vpc-74892910",
                        "attributes": {
                            "assign_generated_ipv6_cidr_block": "false",
                            "cidr_block": "10.127.24.0/24",
                            "default_network_acl_id": "acl-4ffd4f2b",
                            "default_route_table_id": "rtb-54bb3230",
                            "default_security_group_id": "sg-d3dcecb4",
                            "dhcp_options_id": "dopt-be1a66db",
                            "enable_classiclink": "false",
                            "enable_dns_hostnames": "true",
                            "enable_dns_support": "true",
                            "id": "vpc-74892910",
                            "instance_tenancy": "default",
                            "main_route_table_id": "rtb-54bb3230",
                            "tags.%": "5",
                            "tags.Name": "infra-brewprod-vpc",
                            "tags.account_name": "jive-data-brewprod",
                            "tags.pipeline_phase": "infra-brewprod",
                            "tags.region": "us-west-2",
                            "tags.sla": "prod"
                        },
                        "meta": {
                            "schema_version": "1"
                        },
                        "tainted": false
                    },
                    "deposed": [],
                    "provider": ""
                },
                "aws_vpn_gateway.vgw": {
                    "type": "aws_vpn_gateway",
                    "depends_on": [
                        "aws_vpc.main"
                    ],
                    "primary": {
                        "id": "vgw-c2b56cdc",
                        "attributes": {
                            "availability_zone": "",
                            "id": "vgw-c2b56cdc",
                            "tags.%": "7",
                            "tags.Name": "infra-brewprod-vgw",
                            "tags.account_name": "jive-data-brewprod",
                            "tags.jive_service": "infrastructure",
                            "tags.pipeline_phase": "infra-brewprod",
                            "tags.region": "us-west-2",
                            "tags.service_component": "vpn_gateway",
                            "tags.sla": "prod",
                            "vpc_id": "vpc-74892910"
                        },
                        "meta": {},
                        "tainted": false
                    },
                    "deposed": [],
                    "provider": ""
                },
                "data.template_file.bastion_user_data": {
                    "type": "template_file",
                    "depends_on": [
                        "aws_network_interface.bastion"
                    ],
                    "primary": {
                        "id": "95ebd28c35f4377eaea86896d6cd26e2cd0e7dec1d88ea61b84b8d0c28ca7e64",
                        "attributes": {
                            "id": "95ebd28c35f4377eaea86896d6cd26e2cd0e7dec1d88ea61b84b8d0c28ca7e64",
                            "rendered": "#!/bin/bash\n\ndeclare -r instance_id=$(curl -s http://169.254.169.254/latest/meta-data/instance-id)\ndeclare -r bi=10.127.24.7\ndeclare -r bastion_gw=\"${bi%.*}.1\"\n\nfunction_prep() {\n    # Get pip for awscli\n    yum install -y epel-release\n    yum install -y python-pip\n    pip install awscli\n}\n\nfunction_eni() {\n    # Attached the ENI to the Bastion instance\n    /usr/bin/aws ec2 attach-network-interface   --region us-west-2 \\\n                                                --network-interface-id eni-ef804ea2 \\\n                                                --instance-id $instance_id \\\n                                                --device-index 1\n\n    # Give the ENI some time to get an IP and attach correctly\n    sleep 30\n}\n\nfunction_network() {\n    # Make eth1 the default route, set eth0 off, and set eth1 on, then restart the network\n    cat \u003c\u003cEOF \u003e /etc/sysconfig/network\nNETWORKING=yes\nNOZEROCONF=yes\nGATEWAY=$bastion_gw\nGATEWAYDEV=eth1\nEOF\n\n    cat \u003c\u003cEOF \u003e /etc/sysconfig/network-scripts/ifcfg-eth0\nDEVICE=\"eth0\"\nONBOOT=\"no\"\nEOF\n\n    cat \u003c\u003cEOF \u003e /etc/sysconfig/network-scripts/ifcfg-eth1\nDEVICE=eth1\nBOOTPROTO=static\nDHCPCLASS=\nIPADDR=10.127.24.7\nNETMASK=255.255.255.224\nONBOOT=yes\nEOF\n\n    systemctl restart network\n}\n\nfunction_nexus() {\n    # URL redirect fails without this entry\n    echo \"10.10.100.155 nexus-int.eng.jiveland.com\" \u003e\u003e /etc/hosts\n\n    # Script to download Ansible artifact from Nexus\n    cat \u003c\u003c'EOF' \u003e /tmp/get_nexus_artifact.sh\n#!/bin/bash\n# Argument = -h -v -i groupId:artifactId:version -c classifier -p packaging -r repository\n\n# Define Nexus Configuration\nNEXUS_BASE=nexus-int.eng.jiveland.com\nREST_PATH=/service/local\nART_REDIR=/artifact/maven/redirect\n\n# Read in Complete Set of Coordinates from the Command Line\nGROUP_ID=\nARTIFACT_ID=\nVERSION=\"LATEST\"\nCLASSIFIER=\"\"\nPACKAGING=tar.gz\nREPO=\"candidates\"\nVERBOSE=0\n\nwhile getopts \"hvi:c:p:\" OPTION\ndo\n     case $OPTION in\n         h)\n             usage\n             exit 1\n             ;;\n         i)\n\t     OIFS=$IFS\n             IFS=\":\"\n\t     GAV_COORD=( $OPTARG )\n\t     GROUP_ID=${GAV_COORD[0]}\n             ARTIFACT_ID=${GAV_COORD[1]}\n             VERSION=${GAV_COORD[2]}\n\t     IFS=$OIFS\n             ;;\n         c)\n             CLASSIFIER=$OPTARG\n             ;;\n         p)\n             PACKAGING=$OPTARG\n             ;;\n         v)\n             VERBOSE=1\n             ;;\n         ?)\n             usage\n             exit\n             ;;\n     esac\ndone\n\nif [[ -z $GROUP_ID ]] || [[ -z $ARTIFACT_ID ]] || [[ -z $VERSION ]]\nthen\n     echo \"BAD ARGUMENTS: Either groupId, artifactId, or version was not supplied\" \u003e\u00262\n     usage\n     exit 1\nfi\n\n# Construct the base URL\nREDIRECT_URL=${NEXUS_BASE}${REST_PATH}${ART_REDIR}\n\n# Generate the list of parameters\nPARAM_KEYS=( g a v r p c )\nPARAM_VALUES=( $GROUP_ID $ARTIFACT_ID $VERSION $REPO $PACKAGING $CLASSIFIER )\nPARAMS=\"\"\nfor index in ${!PARAM_KEYS[*]}\ndo\n  if [[ ${PARAM_VALUES[$index]} != \"\" ]]\n  then\n    PARAMS=\"${PARAMS}${PARAM_KEYS[$index]}=${PARAM_VALUES[$index]}\u0026\"\n  fi\ndone\n\nREDIRECT_URL=\"${REDIRECT_URL}?${PARAMS}\"\n\necho \"Fetching Artifact from $REDIRECT_URL...\" \u003e\u00262\ncurl -sS -L ${REDIRECT_URL}\nEOF\n    # Run script to download latest Ansible artifact and unpack\n    chmod +x /tmp/get_nexus_artifact.sh\n    /tmp/get_nexus_artifact.sh -i com.jivesoftware.techops:ansible-common:LATEST \u003e /tmp/ansible-common.tar.gz\n}\n\nfunction_ansible() {\n    # Need Sudo TTY\n    sed -i s/'Defaults    requiretty'/'#Defaults    requiretty'/ /etc/sudoers\n    # Disable SELINUX for SSSD\n    sed -i 's/^SELINUX=.*/SELINUX=disabled/' /etc/selinux/config\n    # Create Ansible working directories\n    mkdir -p /tmp/ansible-common\n    tar xf /tmp/ansible-common.tar.gz -C /tmp/ansible-common/\n    # Set Python to 2.6 and run Ansible locally\n    alternatives --set python /usr/bin/python2.6\n    yum install -y python-boto ansible\n\n    # Run Ansible\n    /tmp/ansible-common/bin/run_ansible.sh /tmp/ansible-common/playbook-bastion.yml -e region=us-west-2 --connection=local -i /tmp/ansible-common/inventory_ec2/ \u003e\u003e /tmp/ansible-common/ansible_debug.log\n\n    # Change permissions on Ansible artifact so that ansible deploy pipeline\n    # can overwrite them in the future\n    chown -R ansible:service-users /tmp/ansible-common /tmp/ansible-common.tar.gz\n}\n\nfunction_restart() {\n    # Need to restart for SELINUX change.\n    shutdown -r now\n}\n\n# Run the things\nfunction_prep\nfunction_eni\nfunction_network\nfunction_nexus\nfunction_ansible\nfunction_restart\n",
                            "template": "#!/bin/bash\n\ndeclare -r instance_id=$(curl -s http://169.254.169.254/latest/meta-data/instance-id)\ndeclare -r bi=${bastion_ip}\ndeclare -r bastion_gw=\"$${bi%.*}.1\"\n\nfunction_prep() {\n    # Get pip for awscli\n    yum install -y epel-release\n    yum install -y python-pip\n    pip install awscli\n}\n\nfunction_eni() {\n    # Attached the ENI to the Bastion instance\n    /usr/bin/aws ec2 attach-network-interface   --region ${region} \\\n                                                --network-interface-id ${eni} \\\n                                                --instance-id $instance_id \\\n                                                --device-index 1\n\n    # Give the ENI some time to get an IP and attach correctly\n    sleep 30\n}\n\nfunction_network() {\n    # Make eth1 the default route, set eth0 off, and set eth1 on, then restart the network\n    cat \u003c\u003cEOF \u003e /etc/sysconfig/network\nNETWORKING=yes\nNOZEROCONF=yes\nGATEWAY=$bastion_gw\nGATEWAYDEV=eth1\nEOF\n\n    cat \u003c\u003cEOF \u003e /etc/sysconfig/network-scripts/ifcfg-eth0\nDEVICE=\"eth0\"\nONBOOT=\"no\"\nEOF\n\n    cat \u003c\u003cEOF \u003e /etc/sysconfig/network-scripts/ifcfg-eth1\nDEVICE=eth1\nBOOTPROTO=static\nDHCPCLASS=\nIPADDR=${bastion_ip}\nNETMASK=255.255.255.224\nONBOOT=yes\nEOF\n\n    systemctl restart network\n}\n\nfunction_nexus() {\n    # URL redirect fails without this entry\n    echo \"10.10.100.155 nexus-int.eng.jiveland.com\" \u003e\u003e /etc/hosts\n\n    # Script to download Ansible artifact from Nexus\n    cat \u003c\u003c'EOF' \u003e /tmp/get_nexus_artifact.sh\n#!/bin/bash\n# Argument = -h -v -i groupId:artifactId:version -c classifier -p packaging -r repository\n\n# Define Nexus Configuration\nNEXUS_BASE=nexus-int.eng.jiveland.com\nREST_PATH=/service/local\nART_REDIR=/artifact/maven/redirect\n\n# Read in Complete Set of Coordinates from the Command Line\nGROUP_ID=\nARTIFACT_ID=\nVERSION=\"LATEST\"\nCLASSIFIER=\"\"\nPACKAGING=tar.gz\nREPO=\"candidates\"\nVERBOSE=0\n\nwhile getopts \"hvi:c:p:\" OPTION\ndo\n     case $OPTION in\n         h)\n             usage\n             exit 1\n             ;;\n         i)\n\t     OIFS=$IFS\n             IFS=\":\"\n\t     GAV_COORD=( $OPTARG )\n\t     GROUP_ID=$${GAV_COORD[0]}\n             ARTIFACT_ID=$${GAV_COORD[1]}\n             VERSION=$${GAV_COORD[2]}\n\t     IFS=$OIFS\n             ;;\n         c)\n             CLASSIFIER=$OPTARG\n             ;;\n         p)\n             PACKAGING=$OPTARG\n             ;;\n         v)\n             VERBOSE=1\n             ;;\n         ?)\n             usage\n             exit\n             ;;\n     esac\ndone\n\nif [[ -z $GROUP_ID ]] || [[ -z $ARTIFACT_ID ]] || [[ -z $VERSION ]]\nthen\n     echo \"BAD ARGUMENTS: Either groupId, artifactId, or version was not supplied\" \u003e\u00262\n     usage\n     exit 1\nfi\n\n# Construct the base URL\nREDIRECT_URL=$${NEXUS_BASE}$${REST_PATH}$${ART_REDIR}\n\n# Generate the list of parameters\nPARAM_KEYS=( g a v r p c )\nPARAM_VALUES=( $GROUP_ID $ARTIFACT_ID $VERSION $REPO $PACKAGING $CLASSIFIER )\nPARAMS=\"\"\nfor index in $${!PARAM_KEYS[*]}\ndo\n  if [[ $${PARAM_VALUES[$index]} != \"\" ]]\n  then\n    PARAMS=\"$${PARAMS}$${PARAM_KEYS[$index]}=$${PARAM_VALUES[$index]}\u0026\"\n  fi\ndone\n\nREDIRECT_URL=\"$${REDIRECT_URL}?$${PARAMS}\"\n\necho \"Fetching Artifact from $REDIRECT_URL...\" \u003e\u00262\ncurl -sS -L $${REDIRECT_URL}\nEOF\n    # Run script to download latest Ansible artifact and unpack\n    chmod +x /tmp/get_nexus_artifact.sh\n    /tmp/get_nexus_artifact.sh -i com.jivesoftware.techops:ansible-common:LATEST \u003e /tmp/ansible-common.tar.gz\n}\n\nfunction_ansible() {\n    # Need Sudo TTY\n    sed -i s/'Defaults    requiretty'/'#Defaults    requiretty'/ /etc/sudoers\n    # Disable SELINUX for SSSD\n    sed -i 's/^SELINUX=.*/SELINUX=disabled/' /etc/selinux/config\n    # Create Ansible working directories\n    mkdir -p /tmp/ansible-common\n    tar xf /tmp/ansible-common.tar.gz -C /tmp/ansible-common/\n    # Set Python to 2.6 and run Ansible locally\n    alternatives --set python /usr/bin/python2.6\n    yum install -y python-boto ansible\n\n    # Run Ansible\n    /tmp/ansible-common/bin/run_ansible.sh /tmp/ansible-common/playbook-bastion.yml -e region=${region} --connection=local -i /tmp/ansible-common/inventory_ec2/ \u003e\u003e /tmp/ansible-common/ansible_debug.log\n\n    # Change permissions on Ansible artifact so that ansible deploy pipeline\n    # can overwrite them in the future\n    chown -R ansible:service-users /tmp/ansible-common /tmp/ansible-common.tar.gz\n}\n\nfunction_restart() {\n    # Need to restart for SELINUX change.\n    shutdown -r now\n}\n\n# Run the things\nfunction_prep\nfunction_eni\nfunction_network\nfunction_nexus\nfunction_ansible\nfunction_restart\n",
                            "vars.%": "5",
                            "vars.account_name": "jive-data-brewprod",
                            "vars.bastion_ip": "10.127.24.7",
                            "vars.eni": "eni-ef804ea2",
                            "vars.pipeline_phase": "infra-brewprod",
                            "vars.region": "us-west-2"
                        },
                        "meta": {},
                        "tainted": false
                    },
                    "deposed": [],
                    "provider": ""
                }
            },
            "depends_on": []
        }
    ]
}
