{
    "version": 3,
    "terraform_version": "0.7.13",
    "serial": 0,
    "lineage": "2b8af59a-b02e-4bbb-b7d1-a804fcba099b",
    "modules": [
        {
            "path": [
                "root"
            ],
            "outputs": {},
            "resources": {
                "aws_db_parameter_group.default": {
                    "type": "aws_db_parameter_group",
                    "depends_on": [],
                    "primary": {
                        "id": "rds-postgres-email-brewprod-param",
                        "attributes": {
                            "arn": "arn:aws:rds:us-west-2:663559125979:pg:rds-postgres-email-brewprod-param",
                            "description": "Managed by Terraform",
                            "family": "postgres9.5",
                            "id": "rds-postgres-email-brewprod-param",
                            "name": "rds-postgres-email-brewprod-param",
                            "parameter.#": "0",
                            "tags.%": "0"
                        },
                        "meta": {},
                        "tainted": false
                    },
                    "deposed": [],
                    "provider": ""
                },
                "aws_security_group.postgres": {
                    "type": "aws_security_group",
                    "depends_on": [],
                    "primary": {
                        "id": "sg-7839b803",
                        "attributes": {
                            "description": "Postgres DB access.",
                            "egress.#": "0",
                            "id": "sg-7839b803",
                            "ingress.#": "1",
                            "ingress.761371496.cidr_blocks.#": "1",
                            "ingress.761371496.cidr_blocks.0": "0.0.0.0/0",
                            "ingress.761371496.from_port": "5432",
                            "ingress.761371496.protocol": "tcp",
                            "ingress.761371496.security_groups.#": "0",
                            "ingress.761371496.self": "false",
                            "ingress.761371496.to_port": "5432",
                            "name": "brew-ms-prod-postgres-email",
                            "owner_id": "663559125979",
                            "tags.%": "7",
                            "tags.Name": "brew-ms-prod-emails_data",
                            "tags.account_name": "jive-microservices-prod",
                            "tags.jive_service": "email",
                            "tags.pipeline_phase": "prod",
                            "tags.region": "us-west-2",
                            "tags.service_component": "email-postgres-email",
                            "tags.sla": "prod",
                            "vpc_id": "vpc-ddd0d3b9"
                        },
                        "meta": {},
                        "tainted": false
                    },
                    "deposed": [],
                    "provider": ""
                }
            },
            "depends_on": []
        }
    ]
}
