{
    "version": 3,
    "terraform_version": "0.9.4",
    "serial": 1,
    "lineage": "e5c0469c-0a43-4a73-b6c8-67d3f001070d",
    "modules": [
        {
            "path": [
                "root"
            ],
            "outputs": {},
            "resources": {
                "aws_autoscaling_group.bastion": {
                    "type": "aws_autoscaling_group",
                    "depends_on": [
                        "aws_launch_configuration.bastion",
                        "aws_subnet.natdc"
                    ],
                    "primary": {
                        "id": "infra-prod-bastion-asg-terraform-00250092b0284e7a9c7bdd1db0",
                        "attributes": {
                            "arn": "arn:aws:autoscaling:us-east-1:870846026232:autoScalingGroup:72f66f2f-00c8-40b7-a061-839befc609ad:autoScalingGroupName/infra-prod-bastion-asg-terraform-00250092b0284e7a9c7bdd1db0",
                            "availability_zones.#": "1",
                            "availability_zones.3569565595": "us-east-1a",
                            "default_cooldown": "300",
                            "desired_capacity": "1",
                            "force_delete": "false",
                            "health_check_grace_period": "300",
                            "health_check_type": "EC2",
                            "id": "infra-prod-bastion-asg-terraform-00250092b0284e7a9c7bdd1db0",
                            "launch_configuration": "terraform-00250092b0284e7a9c7bdd1db0",
                            "load_balancers.#": "0",
                            "max_size": "1",
                            "metrics_granularity": "1Minute",
                            "min_size": "1",
                            "name": "infra-prod-bastion-asg-terraform-00250092b0284e7a9c7bdd1db0",
                            "placement_group": "",
                            "protect_from_scale_in": "false",
                            "suspended_processes.#": "0",
                            "tag.#": "8",
                            "tag.169118653.key": "sla",
                            "tag.169118653.propagate_at_launch": "true",
                            "tag.169118653.value": "prod",
                            "tag.2099585974.key": "pipeline_phase",
                            "tag.2099585974.propagate_at_launch": "true",
                            "tag.2099585974.value": "infra-prod",
                            "tag.2517896317.key": "account_name",
                            "tag.2517896317.propagate_at_launch": "true",
                            "tag.2517896317.value": "jive-reco-prod",
                            "tag.2734052481.key": "service_component",
                            "tag.2734052481.propagate_at_launch": "true",
                            "tag.2734052481.value": "bastion",
                            "tag.3008823304.key": "bastionip",
                            "tag.3008823304.propagate_at_launch": "true",
                            "tag.3008823304.value": "10.127.55.7",
                            "tag.3153515461.key": "Name",
                            "tag.3153515461.propagate_at_launch": "true",
                            "tag.3153515461.value": "infra-prod-bastion-instance",
                            "tag.379152623.key": "region",
                            "tag.379152623.propagate_at_launch": "true",
                            "tag.379152623.value": "us-east-1",
                            "tag.853938758.key": "jive_service",
                            "tag.853938758.propagate_at_launch": "true",
                            "tag.853938758.value": "infrastructure",
                            "target_group_arns.#": "0",
                            "termination_policies.#": "0",
                            "vpc_zone_identifier.#": "1",
                            "vpc_zone_identifier.1316953413": "subnet-20286768",
                            "wait_for_capacity_timeout": "10m"
                        },
                        "meta": {},
                        "tainted": false
                    },
                    "deposed": [],
                    "provider": ""
                },
                "aws_customer_gateway.customer_gateway": {
                    "type": "aws_customer_gateway",
                    "depends_on": [],
                    "primary": {
                        "id": "cgw-a19a71c8",
                        "attributes": {
                            "bgp_asn": "13364",
                            "id": "cgw-a19a71c8",
                            "ip_address": "204.93.64.130",
                            "tags.%": "5",
                            "tags.Account_name": "jive-reco-prod",
                            "tags.Name": "infra-prod-customer-gateway",
                            "tags.Pipeline_phase": "infra-prod",
                            "tags.Region": "us-east-1",
                            "tags.SLA": "prod",
                            "type": "ipsec.1"
                        },
                        "meta": {},
                        "tainted": false
                    },
                    "deposed": [],
                    "provider": ""
                },
                "aws_eip.natgw.0": {
                    "type": "aws_eip",
                    "depends_on": [],
                    "primary": {
                        "id": "eipalloc-09677039",
                        "attributes": {
                            "association_id": "eipassoc-02193830",
                            "domain": "vpc",
                            "id": "eipalloc-09677039",
                            "instance": "",
                            "network_interface": "eni-daf8af09",
                            "private_ip": "10.127.55.85",
                            "public_ip": "34.224.198.162",
                            "vpc": "true"
                        },
                        "meta": {},
                        "tainted": false
                    },
                    "deposed": [],
                    "provider": ""
                },
                "aws_eip.natgw.1": {
                    "type": "aws_eip",
                    "depends_on": [],
                    "primary": {
                        "id": "eipalloc-61796e51",
                        "attributes": {
                            "association_id": "eipassoc-b5193887",
                            "domain": "vpc",
                            "id": "eipalloc-61796e51",
                            "instance": "",
                            "network_interface": "eni-9f811c36",
                            "private_ip": "10.127.55.101",
                            "public_ip": "34.230.229.77",
                            "vpc": "true"
                        },
                        "meta": {},
                        "tainted": false
                    },
                    "deposed": [],
                    "provider": ""
                },
                "aws_eip.natgw.2": {
                    "type": "aws_eip",
                    "depends_on": [],
                    "primary": {
                        "id": "eipalloc-36637406",
                        "attributes": {
                            "association_id": "eipassoc-a21a3b90",
                            "domain": "vpc",
                            "id": "eipalloc-36637406",
                            "instance": "",
                            "network_interface": "eni-e97763e8",
                            "private_ip": "10.127.55.126",
                            "public_ip": "34.195.219.86",
                            "vpc": "true"
                        },
                        "meta": {},
                        "tainted": false
                    },
                    "deposed": [],
                    "provider": ""
                },
                "aws_internet_gateway.igw": {
                    "type": "aws_internet_gateway",
                    "depends_on": [
                        "aws_vpc.main"
                    ],
                    "primary": {
                        "id": "igw-e90d4f8f",
                        "attributes": {
                            "id": "igw-e90d4f8f",
                            "tags.%": "5",
                            "tags.Name": "infra-prod-igw",
                            "tags.account_name": "jive-reco-prod",
                            "tags.pipeline_phase": "infra-prod",
                            "tags.region": "us-east-1",
                            "tags.sla": "prod",
                            "vpc_id": "vpc-4a5ec333"
                        },
                        "meta": {},
                        "tainted": false
                    },
                    "deposed": [],
                    "provider": ""
                },
                "aws_launch_configuration.bastion": {
                    "type": "aws_launch_configuration",
                    "depends_on": [
                        "aws_security_group.jive_phx_dc",
                        "data.template_file.bastion_user_data"
                    ],
                    "primary": {
                        "id": "terraform-00250092b0284e7a9c7bdd1db0",
                        "attributes": {
                            "associate_public_ip_address": "false",
                            "ebs_block_device.#": "0",
                            "ebs_optimized": "false",
                            "enable_monitoring": "true",
                            "ephemeral_block_device.#": "0",
                            "iam_instance_profile": "eni-attach-profile",
                            "id": "terraform-00250092b0284e7a9c7bdd1db0",
                            "image_id": "ami-6d1c2007",
                            "instance_type": "t2.medium",
                            "key_name": "reco-prod",
                            "name": "terraform-00250092b0284e7a9c7bdd1db0",
                            "root_block_device.#": "1",
                            "root_block_device.0.delete_on_termination": "true",
                            "root_block_device.0.iops": "0",
                            "root_block_device.0.volume_size": "25",
                            "root_block_device.0.volume_type": "",
                            "security_groups.#": "1",
                            "security_groups.2978991085": "sg-bf4931ce",
                            "spot_price": "",
                            "user_data": "77a965ef58fad8f85b641be5a1a25ae37228fc62",
                            "vpc_classic_link_id": "",
                            "vpc_classic_link_security_groups.#": "0"
                        },
                        "meta": {},
                        "tainted": false
                    },
                    "deposed": [],
                    "provider": ""
                },
                "aws_nat_gateway.natgw.0": {
                    "type": "aws_nat_gateway",
                    "depends_on": [
                        "aws_eip.natgw.*",
                        "aws_internet_gateway.igw",
                        "aws_subnet.public.*"
                    ],
                    "primary": {
                        "id": "nat-0171f561c5e64420e",
                        "attributes": {
                            "allocation_id": "eipalloc-09677039",
                            "id": "nat-0171f561c5e64420e",
                            "network_interface_id": "eni-daf8af09",
                            "private_ip": "10.127.55.85",
                            "public_ip": "34.224.198.162",
                            "subnet_id": "subnet-3f2a6577"
                        },
                        "meta": {},
                        "tainted": false
                    },
                    "deposed": [],
                    "provider": ""
                },
                "aws_nat_gateway.natgw.1": {
                    "type": "aws_nat_gateway",
                    "depends_on": [
                        "aws_eip.natgw.*",
                        "aws_internet_gateway.igw",
                        "aws_subnet.public.*"
                    ],
                    "primary": {
                        "id": "nat-0ea4d9fb822ae1c2d",
                        "attributes": {
                            "allocation_id": "eipalloc-61796e51",
                            "id": "nat-0ea4d9fb822ae1c2d",
                            "network_interface_id": "eni-9f811c36",
                            "private_ip": "10.127.55.101",
                            "public_ip": "34.230.229.77",
                            "subnet_id": "subnet-bc0589e6"
                        },
                        "meta": {},
                        "tainted": false
                    },
                    "deposed": [],
                    "provider": ""
                },
                "aws_nat_gateway.natgw.2": {
                    "type": "aws_nat_gateway",
                    "depends_on": [
                        "aws_eip.natgw.*",
                        "aws_internet_gateway.igw",
                        "aws_subnet.public.*"
                    ],
                    "primary": {
                        "id": "nat-036111213651a6bf3",
                        "attributes": {
                            "allocation_id": "eipalloc-36637406",
                            "id": "nat-036111213651a6bf3",
                            "network_interface_id": "eni-e97763e8",
                            "private_ip": "10.127.55.126",
                            "public_ip": "34.195.219.86",
                            "subnet_id": "subnet-b32e288f"
                        },
                        "meta": {},
                        "tainted": false
                    },
                    "deposed": [],
                    "provider": ""
                },
                "aws_network_interface.bastion": {
                    "type": "aws_network_interface",
                    "depends_on": [
                        "aws_security_group.jive_phx_dc",
                        "aws_subnet.natdc"
                    ],
                    "primary": {
                        "id": "eni-7de7b0ae",
                        "attributes": {
                            "attachment.#": "0",
                            "description": "",
                            "id": "eni-7de7b0ae",
                            "private_ip": "10.127.55.7",
                            "private_ips.#": "1",
                            "private_ips.3881384986": "10.127.55.7",
                            "security_groups.#": "1",
                            "security_groups.2978991085": "sg-bf4931ce",
                            "source_dest_check": "true",
                            "subnet_id": "subnet-20286768",
                            "tags.%": "7",
                            "tags.Name": "infra-prod-bastion-instance",
                            "tags.account_name": "jive-reco-prod",
                            "tags.jive_service": "infrastructure",
                            "tags.pipeline_phase": "infra-prod",
                            "tags.region": "us-east-1",
                            "tags.service_component": "bastion",
                            "tags.sla": "prod"
                        },
                        "meta": {},
                        "tainted": false
                    },
                    "deposed": [],
                    "provider": ""
                },
                "aws_route53_record.bastion": {
                    "type": "aws_route53_record",
                    "depends_on": [],
                    "primary": {
                        "id": "Z3G5VQCYCT435Y_bastion-us-east-1-jive-reco-prod_A",
                        "attributes": {
                            "fqdn": "bastion-us-east-1-jive-reco-prod.jiveprivate.com",
                            "health_check_id": "",
                            "id": "Z3G5VQCYCT435Y_bastion-us-east-1-jive-reco-prod_A",
                            "name": "bastion-us-east-1-jive-reco-prod",
                            "records.#": "1",
                            "records.3881384986": "10.127.55.7",
                            "set_identifier": "",
                            "ttl": "60",
                            "type": "A",
                            "zone_id": "Z3G5VQCYCT435Y"
                        },
                        "meta": {
                            "schema_version": "2"
                        },
                        "tainted": false
                    },
                    "deposed": [],
                    "provider": ""
                },
                "aws_route53_zone_association.route53": {
                    "type": "aws_route53_zone_association",
                    "depends_on": [
                        "aws_vpc.main"
                    ],
                    "primary": {
                        "id": "Z3G5VQCYCT435Y:vpc-4a5ec333",
                        "attributes": {
                            "id": "Z3G5VQCYCT435Y:vpc-4a5ec333",
                            "vpc_id": "vpc-4a5ec333",
                            "vpc_region": "us-east-1",
                            "zone_id": "Z3G5VQCYCT435Y"
                        },
                        "meta": {},
                        "tainted": false
                    },
                    "deposed": [],
                    "provider": ""
                },
                "aws_route_table.natdc.0": {
                    "type": "aws_route_table",
                    "depends_on": [
                        "aws_nat_gateway.natgw.*",
                        "aws_vpc.main",
                        "aws_vpn_gateway.vgw"
                    ],
                    "primary": {
                        "id": "rtb-c3ceeebb",
                        "attributes": {
                            "id": "rtb-c3ceeebb",
                            "propagating_vgws.#": "1",
                            "propagating_vgws.285769126": "vgw-3c8b6055",
                            "route.#": "1",
                            "route.2316247432.cidr_block": "0.0.0.0/0",
                            "route.2316247432.egress_only_gateway_id": "",
                            "route.2316247432.gateway_id": "",
                            "route.2316247432.instance_id": "",
                            "route.2316247432.ipv6_cidr_block": "",
                            "route.2316247432.nat_gateway_id": "nat-0171f561c5e64420e",
                            "route.2316247432.network_interface_id": "",
                            "route.2316247432.vpc_peering_connection_id": "",
                            "tags.%": "5",
                            "tags.Name": "infra-prod-natdc-routetable",
                            "tags.account_name": "jive-reco-prod",
                            "tags.pipeline_phase": "infra-prod",
                            "tags.region": "us-east-1",
                            "tags.sla": "prod",
                            "vpc_id": "vpc-4a5ec333"
                        },
                        "meta": {},
                        "tainted": false
                    },
                    "deposed": [],
                    "provider": ""
                },
                "aws_route_table.natdc.1": {
                    "type": "aws_route_table",
                    "depends_on": [
                        "aws_nat_gateway.natgw.*",
                        "aws_vpc.main",
                        "aws_vpn_gateway.vgw"
                    ],
                    "primary": {
                        "id": "rtb-97d2f2ef",
                        "attributes": {
                            "id": "rtb-97d2f2ef",
                            "propagating_vgws.#": "1",
                            "propagating_vgws.285769126": "vgw-3c8b6055",
                            "route.#": "1",
                            "route.3858559547.cidr_block": "0.0.0.0/0",
                            "route.3858559547.egress_only_gateway_id": "",
                            "route.3858559547.gateway_id": "",
                            "route.3858559547.instance_id": "",
                            "route.3858559547.ipv6_cidr_block": "",
                            "route.3858559547.nat_gateway_id": "nat-0ea4d9fb822ae1c2d",
                            "route.3858559547.network_interface_id": "",
                            "route.3858559547.vpc_peering_connection_id": "",
                            "tags.%": "5",
                            "tags.Name": "infra-prod-natdc-routetable",
                            "tags.account_name": "jive-reco-prod",
                            "tags.pipeline_phase": "infra-prod",
                            "tags.region": "us-east-1",
                            "tags.sla": "prod",
                            "vpc_id": "vpc-4a5ec333"
                        },
                        "meta": {},
                        "tainted": false
                    },
                    "deposed": [],
                    "provider": ""
                },
                "aws_route_table.natdc.2": {
                    "type": "aws_route_table",
                    "depends_on": [
                        "aws_nat_gateway.natgw.*",
                        "aws_vpc.main",
                        "aws_vpn_gateway.vgw"
                    ],
                    "primary": {
                        "id": "rtb-2ad5f552",
                        "attributes": {
                            "id": "rtb-2ad5f552",
                            "propagating_vgws.#": "1",
                            "propagating_vgws.285769126": "vgw-3c8b6055",
                            "route.#": "1",
                            "route.278336020.cidr_block": "0.0.0.0/0",
                            "route.278336020.egress_only_gateway_id": "",
                            "route.278336020.gateway_id": "",
                            "route.278336020.instance_id": "",
                            "route.278336020.ipv6_cidr_block": "",
                            "route.278336020.nat_gateway_id": "nat-036111213651a6bf3",
                            "route.278336020.network_interface_id": "",
                            "route.278336020.vpc_peering_connection_id": "",
                            "tags.%": "5",
                            "tags.Name": "infra-prod-natdc-routetable",
                            "tags.account_name": "jive-reco-prod",
                            "tags.pipeline_phase": "infra-prod",
                            "tags.region": "us-east-1",
                            "tags.sla": "prod",
                            "vpc_id": "vpc-4a5ec333"
                        },
                        "meta": {},
                        "tainted": false
                    },
                    "deposed": [],
                    "provider": ""
                },
                "aws_route_table.private": {
                    "type": "aws_route_table",
                    "depends_on": [
                        "aws_vpc.main"
                    ],
                    "primary": {
                        "id": "rtb-ffccec87",
                        "attributes": {
                            "id": "rtb-ffccec87",
                            "propagating_vgws.#": "0",
                            "route.#": "0",
                            "tags.%": "5",
                            "tags.Name": "infra-prod-private-routetable",
                            "tags.account_name": "jive-reco-prod",
                            "tags.pipeline_phase": "infra-prod",
                            "tags.region": "us-east-1",
                            "tags.sla": "prod",
                            "vpc_id": "vpc-4a5ec333"
                        },
                        "meta": {},
                        "tainted": false
                    },
                    "deposed": [],
                    "provider": ""
                },
                "aws_route_table.public": {
                    "type": "aws_route_table",
                    "depends_on": [
                        "aws_internet_gateway.igw",
                        "aws_vpc.main"
                    ],
                    "primary": {
                        "id": "rtb-3ad0f042",
                        "attributes": {
                            "id": "rtb-3ad0f042",
                            "propagating_vgws.#": "0",
                            "route.#": "1",
                            "route.378018444.cidr_block": "0.0.0.0/0",
                            "route.378018444.egress_only_gateway_id": "",
                            "route.378018444.gateway_id": "igw-e90d4f8f",
                            "route.378018444.instance_id": "",
                            "route.378018444.ipv6_cidr_block": "",
                            "route.378018444.nat_gateway_id": "",
                            "route.378018444.network_interface_id": "",
                            "route.378018444.vpc_peering_connection_id": "",
                            "tags.%": "5",
                            "tags.Name": "infra-prod-public-routetable",
                            "tags.account_name": "jive-reco-prod",
                            "tags.pipeline_phase": "infra-prod",
                            "tags.region": "us-east-1",
                            "tags.sla": "prod",
                            "vpc_id": "vpc-4a5ec333"
                        },
                        "meta": {},
                        "tainted": false
                    },
                    "deposed": [],
                    "provider": ""
                },
                "aws_route_table_association.natdc.0": {
                    "type": "aws_route_table_association",
                    "depends_on": [
                        "aws_route_table.natdc.*",
                        "aws_subnet.natdc.*"
                    ],
                    "primary": {
                        "id": "rtbassoc-6dfeed16",
                        "attributes": {
                            "id": "rtbassoc-6dfeed16",
                            "route_table_id": "rtb-c3ceeebb",
                            "subnet_id": "subnet-c50c809f"
                        },
                        "meta": {},
                        "tainted": false
                    },
                    "deposed": [],
                    "provider": ""
                },
                "aws_route_table_association.natdc.1": {
                    "type": "aws_route_table_association",
                    "depends_on": [
                        "aws_route_table.natdc.*",
                        "aws_subnet.natdc.*"
                    ],
                    "primary": {
                        "id": "rtbassoc-45fdee3e",
                        "attributes": {
                            "id": "rtbassoc-45fdee3e",
                            "route_table_id": "rtb-97d2f2ef",
                            "subnet_id": "subnet-1626202a"
                        },
                        "meta": {},
                        "tainted": false
                    },
                    "deposed": [],
                    "provider": ""
                },
                "aws_route_table_association.natdc.2": {
                    "type": "aws_route_table_association",
                    "depends_on": [
                        "aws_route_table.natdc.*",
                        "aws_subnet.natdc.*"
                    ],
                    "primary": {
                        "id": "rtbassoc-57fbe82c",
                        "attributes": {
                            "id": "rtbassoc-57fbe82c",
                            "route_table_id": "rtb-2ad5f552",
                            "subnet_id": "subnet-20286768"
                        },
                        "meta": {},
                        "tainted": false
                    },
                    "deposed": [],
                    "provider": ""
                },
                "aws_route_table_association.private.0": {
                    "type": "aws_route_table_association",
                    "depends_on": [
                        "aws_route_table.private",
                        "aws_subnet.private.*"
                    ],
                    "primary": {
                        "id": "rtbassoc-b7f6e5cc",
                        "attributes": {
                            "id": "rtbassoc-b7f6e5cc",
                            "route_table_id": "rtb-ffccec87",
                            "subnet_id": "subnet-30236c78"
                        },
                        "meta": {},
                        "tainted": false
                    },
                    "deposed": [],
                    "provider": ""
                },
                "aws_route_table_association.private.1": {
                    "type": "aws_route_table_association",
                    "depends_on": [
                        "aws_route_table.private",
                        "aws_subnet.private.*"
                    ],
                    "primary": {
                        "id": "rtbassoc-5df8eb26",
                        "attributes": {
                            "id": "rtbassoc-5df8eb26",
                            "route_table_id": "rtb-ffccec87",
                            "subnet_id": "subnet-8e078bd4"
                        },
                        "meta": {},
                        "tainted": false
                    },
                    "deposed": [],
                    "provider": ""
                },
                "aws_route_table_association.private.2": {
                    "type": "aws_route_table_association",
                    "depends_on": [
                        "aws_route_table.private",
                        "aws_subnet.private.*"
                    ],
                    "primary": {
                        "id": "rtbassoc-ebfdee90",
                        "attributes": {
                            "id": "rtbassoc-ebfdee90",
                            "route_table_id": "rtb-ffccec87",
                            "subnet_id": "subnet-2b2c2a17"
                        },
                        "meta": {},
                        "tainted": false
                    },
                    "deposed": [],
                    "provider": ""
                },
                "aws_route_table_association.public.0": {
                    "type": "aws_route_table_association",
                    "depends_on": [
                        "aws_route_table.public",
                        "aws_subnet.public.*"
                    ],
                    "primary": {
                        "id": "rtbassoc-f6f5e68d",
                        "attributes": {
                            "id": "rtbassoc-f6f5e68d",
                            "route_table_id": "rtb-3ad0f042",
                            "subnet_id": "subnet-3f2a6577"
                        },
                        "meta": {},
                        "tainted": false
                    },
                    "deposed": [],
                    "provider": ""
                },
                "aws_route_table_association.public.1": {
                    "type": "aws_route_table_association",
                    "depends_on": [
                        "aws_route_table.public",
                        "aws_subnet.public.*"
                    ],
                    "primary": {
                        "id": "rtbassoc-8ef5e6f5",
                        "attributes": {
                            "id": "rtbassoc-8ef5e6f5",
                            "route_table_id": "rtb-3ad0f042",
                            "subnet_id": "subnet-bc0589e6"
                        },
                        "meta": {},
                        "tainted": false
                    },
                    "deposed": [],
                    "provider": ""
                },
                "aws_route_table_association.public.2": {
                    "type": "aws_route_table_association",
                    "depends_on": [
                        "aws_route_table.public",
                        "aws_subnet.public.*"
                    ],
                    "primary": {
                        "id": "rtbassoc-51e3f02a",
                        "attributes": {
                            "id": "rtbassoc-51e3f02a",
                            "route_table_id": "rtb-3ad0f042",
                            "subnet_id": "subnet-b32e288f"
                        },
                        "meta": {},
                        "tainted": false
                    },
                    "deposed": [],
                    "provider": ""
                },
                "aws_security_group.env_instance": {
                    "type": "aws_security_group",
                    "depends_on": [
                        "aws_vpc.main"
                    ],
                    "primary": {
                        "id": "sg-68463e19",
                        "attributes": {
                            "description": "Empty SG for all instances within the evironment",
                            "egress.#": "0",
                            "id": "sg-68463e19",
                            "ingress.#": "0",
                            "name": "infra-prod-instance",
                            "owner_id": "870846026232",
                            "tags.%": "5",
                            "tags.Name": "infra-prod-instance",
                            "tags.account_name": "jive-reco-prod",
                            "tags.pipeline_phase": "infra-prod",
                            "tags.region": "us-east-1",
                            "tags.sla": "prod",
                            "vpc_id": "vpc-4a5ec333"
                        },
                        "meta": {},
                        "tainted": false
                    },
                    "deposed": [],
                    "provider": ""
                },
                "aws_security_group.jive_phx_dc": {
                    "type": "aws_security_group",
                    "depends_on": [
                        "aws_vpc.main"
                    ],
                    "primary": {
                        "id": "sg-bf4931ce",
                        "attributes": {
                            "description": "Allow SSH and Ping from CIDRs within Jive PHX Data Center",
                            "egress.#": "1",
                            "egress.482069346.cidr_blocks.#": "1",
                            "egress.482069346.cidr_blocks.0": "0.0.0.0/0",
                            "egress.482069346.from_port": "0",
                            "egress.482069346.ipv6_cidr_blocks.#": "0",
                            "egress.482069346.prefix_list_ids.#": "0",
                            "egress.482069346.protocol": "-1",
                            "egress.482069346.security_groups.#": "0",
                            "egress.482069346.self": "false",
                            "egress.482069346.to_port": "0",
                            "id": "sg-bf4931ce",
                            "ingress.#": "2",
                            "ingress.179083333.cidr_blocks.#": "1",
                            "ingress.179083333.cidr_blocks.0": "10.0.0.0/8",
                            "ingress.179083333.from_port": "22",
                            "ingress.179083333.ipv6_cidr_blocks.#": "0",
                            "ingress.179083333.protocol": "tcp",
                            "ingress.179083333.security_groups.#": "0",
                            "ingress.179083333.self": "false",
                            "ingress.179083333.to_port": "22",
                            "ingress.3280021429.cidr_blocks.#": "1",
                            "ingress.3280021429.cidr_blocks.0": "10.0.0.0/8",
                            "ingress.3280021429.from_port": "8",
                            "ingress.3280021429.ipv6_cidr_blocks.#": "0",
                            "ingress.3280021429.protocol": "icmp",
                            "ingress.3280021429.security_groups.#": "0",
                            "ingress.3280021429.self": "false",
                            "ingress.3280021429.to_port": "0",
                            "name": "infra-prod-jive-phx-dc",
                            "owner_id": "870846026232",
                            "tags.%": "6",
                            "tags.Name": "infra-prod-jive-phx-dc",
                            "tags.account_name": "jive-reco-prod",
                            "tags.jive_service": "infrastructure",
                            "tags.pipeline_phase": "infra-prod",
                            "tags.region": "us-east-1",
                            "tags.sla": "prod",
                            "vpc_id": "vpc-4a5ec333"
                        },
                        "meta": {},
                        "tainted": false
                    },
                    "deposed": [],
                    "provider": ""
                },
                "aws_subnet.natdc.0": {
                    "type": "aws_subnet",
                    "depends_on": [
                        "aws_vpc.main"
                    ],
                    "primary": {
                        "id": "subnet-20286768",
                        "attributes": {
                            "assign_ipv6_address_on_creation": "false",
                            "availability_zone": "us-east-1a",
                            "cidr_block": "10.127.55.0/28",
                            "id": "subnet-20286768",
                            "map_public_ip_on_launch": "false",
                            "tags.%": "5",
                            "tags.Name": "infra-prod-natdc-subnet",
                            "tags.account_name": "jive-reco-prod",
                            "tags.pipeline_phase": "infra-prod",
                            "tags.region": "us-east-1",
                            "tags.sla": "prod",
                            "vpc_id": "vpc-4a5ec333"
                        },
                        "meta": {
                            "schema_version": "1"
                        },
                        "tainted": false
                    },
                    "deposed": [],
                    "provider": ""
                },
                "aws_subnet.natdc.1": {
                    "type": "aws_subnet",
                    "depends_on": [
                        "aws_vpc.main"
                    ],
                    "primary": {
                        "id": "subnet-c50c809f",
                        "attributes": {
                            "assign_ipv6_address_on_creation": "false",
                            "availability_zone": "us-east-1b",
                            "cidr_block": "10.127.55.16/28",
                            "id": "subnet-c50c809f",
                            "map_public_ip_on_launch": "false",
                            "tags.%": "5",
                            "tags.Name": "infra-prod-natdc-subnet",
                            "tags.account_name": "jive-reco-prod",
                            "tags.pipeline_phase": "infra-prod",
                            "tags.region": "us-east-1",
                            "tags.sla": "prod",
                            "vpc_id": "vpc-4a5ec333"
                        },
                        "meta": {
                            "schema_version": "1"
                        },
                        "tainted": false
                    },
                    "deposed": [],
                    "provider": ""
                },
                "aws_subnet.natdc.2": {
                    "type": "aws_subnet",
                    "depends_on": [
                        "aws_vpc.main"
                    ],
                    "primary": {
                        "id": "subnet-1626202a",
                        "attributes": {
                            "assign_ipv6_address_on_creation": "false",
                            "availability_zone": "us-east-1e",
                            "cidr_block": "10.127.55.32/28",
                            "id": "subnet-1626202a",
                            "map_public_ip_on_launch": "false",
                            "tags.%": "5",
                            "tags.Name": "infra-prod-natdc-subnet",
                            "tags.account_name": "jive-reco-prod",
                            "tags.pipeline_phase": "infra-prod",
                            "tags.region": "us-east-1",
                            "tags.sla": "prod",
                            "vpc_id": "vpc-4a5ec333"
                        },
                        "meta": {
                            "schema_version": "1"
                        },
                        "tainted": false
                    },
                    "deposed": [],
                    "provider": ""
                },
                "aws_subnet.private.0": {
                    "type": "aws_subnet",
                    "depends_on": [
                        "aws_vpc.main"
                    ],
                    "primary": {
                        "id": "subnet-30236c78",
                        "attributes": {
                            "assign_ipv6_address_on_creation": "false",
                            "availability_zone": "us-east-1a",
                            "cidr_block": "10.127.55.160/28",
                            "id": "subnet-30236c78",
                            "map_public_ip_on_launch": "false",
                            "tags.%": "5",
                            "tags.Name": "infra-prod-private-subnet",
                            "tags.account_name": "jive-reco-prod",
                            "tags.pipeline_phase": "infra-prod",
                            "tags.region": "us-east-1",
                            "tags.sla": "prod",
                            "vpc_id": "vpc-4a5ec333"
                        },
                        "meta": {
                            "schema_version": "1"
                        },
                        "tainted": false
                    },
                    "deposed": [],
                    "provider": ""
                },
                "aws_subnet.private.1": {
                    "type": "aws_subnet",
                    "depends_on": [
                        "aws_vpc.main"
                    ],
                    "primary": {
                        "id": "subnet-8e078bd4",
                        "attributes": {
                            "assign_ipv6_address_on_creation": "false",
                            "availability_zone": "us-east-1b",
                            "cidr_block": "10.127.55.176/28",
                            "id": "subnet-8e078bd4",
                            "map_public_ip_on_launch": "false",
                            "tags.%": "5",
                            "tags.Name": "infra-prod-private-subnet",
                            "tags.account_name": "jive-reco-prod",
                            "tags.pipeline_phase": "infra-prod",
                            "tags.region": "us-east-1",
                            "tags.sla": "prod",
                            "vpc_id": "vpc-4a5ec333"
                        },
                        "meta": {
                            "schema_version": "1"
                        },
                        "tainted": false
                    },
                    "deposed": [],
                    "provider": ""
                },
                "aws_subnet.private.2": {
                    "type": "aws_subnet",
                    "depends_on": [
                        "aws_vpc.main"
                    ],
                    "primary": {
                        "id": "subnet-2b2c2a17",
                        "attributes": {
                            "assign_ipv6_address_on_creation": "false",
                            "availability_zone": "us-east-1e",
                            "cidr_block": "10.127.55.192/28",
                            "id": "subnet-2b2c2a17",
                            "map_public_ip_on_launch": "false",
                            "tags.%": "5",
                            "tags.Name": "infra-prod-private-subnet",
                            "tags.account_name": "jive-reco-prod",
                            "tags.pipeline_phase": "infra-prod",
                            "tags.region": "us-east-1",
                            "tags.sla": "prod",
                            "vpc_id": "vpc-4a5ec333"
                        },
                        "meta": {
                            "schema_version": "1"
                        },
                        "tainted": false
                    },
                    "deposed": [],
                    "provider": ""
                },
                "aws_subnet.public.0": {
                    "type": "aws_subnet",
                    "depends_on": [
                        "aws_vpc.main"
                    ],
                    "primary": {
                        "id": "subnet-3f2a6577",
                        "attributes": {
                            "assign_ipv6_address_on_creation": "false",
                            "availability_zone": "us-east-1a",
                            "cidr_block": "10.127.55.80/28",
                            "id": "subnet-3f2a6577",
                            "map_public_ip_on_launch": "false",
                            "tags.%": "5",
                            "tags.Name": "infra-prod-public-subnet",
                            "tags.account_name": "jive-reco-prod",
                            "tags.pipeline_phase": "infra-prod",
                            "tags.region": "us-east-1",
                            "tags.sla": "prod",
                            "vpc_id": "vpc-4a5ec333"
                        },
                        "meta": {
                            "schema_version": "1"
                        },
                        "tainted": false
                    },
                    "deposed": [],
                    "provider": ""
                },
                "aws_subnet.public.1": {
                    "type": "aws_subnet",
                    "depends_on": [
                        "aws_vpc.main"
                    ],
                    "primary": {
                        "id": "subnet-bc0589e6",
                        "attributes": {
                            "assign_ipv6_address_on_creation": "false",
                            "availability_zone": "us-east-1b",
                            "cidr_block": "10.127.55.96/28",
                            "id": "subnet-bc0589e6",
                            "map_public_ip_on_launch": "false",
                            "tags.%": "5",
                            "tags.Name": "infra-prod-public-subnet",
                            "tags.account_name": "jive-reco-prod",
                            "tags.pipeline_phase": "infra-prod",
                            "tags.region": "us-east-1",
                            "tags.sla": "prod",
                            "vpc_id": "vpc-4a5ec333"
                        },
                        "meta": {
                            "schema_version": "1"
                        },
                        "tainted": false
                    },
                    "deposed": [],
                    "provider": ""
                },
                "aws_subnet.public.2": {
                    "type": "aws_subnet",
                    "depends_on": [
                        "aws_vpc.main"
                    ],
                    "primary": {
                        "id": "subnet-b32e288f",
                        "attributes": {
                            "assign_ipv6_address_on_creation": "false",
                            "availability_zone": "us-east-1e",
                            "cidr_block": "10.127.55.112/28",
                            "id": "subnet-b32e288f",
                            "map_public_ip_on_launch": "false",
                            "tags.%": "5",
                            "tags.Name": "infra-prod-public-subnet",
                            "tags.account_name": "jive-reco-prod",
                            "tags.pipeline_phase": "infra-prod",
                            "tags.region": "us-east-1",
                            "tags.sla": "prod",
                            "vpc_id": "vpc-4a5ec333"
                        },
                        "meta": {
                            "schema_version": "1"
                        },
                        "tainted": false
                    },
                    "deposed": [],
                    "provider": ""
                },
                "aws_vpc.main": {
                    "type": "aws_vpc",
                    "depends_on": [],
                    "primary": {
                        "id": "vpc-4a5ec333",
                        "attributes": {
                            "assign_generated_ipv6_cidr_block": "false",
                            "cidr_block": "10.127.55.0/24",
                            "default_network_acl_id": "acl-02aaae7b",
                            "default_route_table_id": "rtb-b7d1f1cf",
                            "default_security_group_id": "sg-594c3428",
                            "dhcp_options_id": "dopt-6d465608",
                            "enable_classiclink": "false",
                            "enable_dns_hostnames": "true",
                            "enable_dns_support": "true",
                            "id": "vpc-4a5ec333",
                            "instance_tenancy": "default",
                            "main_route_table_id": "rtb-b7d1f1cf",
                            "tags.%": "5",
                            "tags.Name": "infra-prod-vpc",
                            "tags.account_name": "jive-reco-prod",
                            "tags.pipeline_phase": "infra-prod",
                            "tags.region": "us-east-1",
                            "tags.sla": "prod"
                        },
                        "meta": {
                            "schema_version": "1"
                        },
                        "tainted": false
                    },
                    "deposed": [],
                    "provider": ""
                },
                "aws_vpn_connection.main": {
                    "type": "aws_vpn_connection",
                    "depends_on": [
                        "aws_customer_gateway.customer_gateway",
                        "aws_vpn_gateway.vgw"
                    ],
                    "primary": {
                        "id": "vpn-07425166",
                        "attributes": {
                            "customer_gateway_configuration": "\u003c?xml version=\"1.0\" encoding=\"UTF-8\"?\u003e\n\u003cvpn_connection id=\"vpn-07425166\"\u003e\n  \u003ccustomer_gateway_id\u003ecgw-a19a71c8\u003c/customer_gateway_id\u003e\n  \u003cvpn_gateway_id\u003evgw-3c8b6055\u003c/vpn_gateway_id\u003e\n  \u003cvpn_connection_type\u003eipsec.1\u003c/vpn_connection_type\u003e\n  \u003cipsec_tunnel\u003e\n    \u003ccustomer_gateway\u003e\n      \u003ctunnel_outside_address\u003e\n        \u003cip_address\u003e204.93.64.130\u003c/ip_address\u003e\n      \u003c/tunnel_outside_address\u003e\n      \u003ctunnel_inside_address\u003e\n        \u003cip_address\u003e169.254.47.186\u003c/ip_address\u003e\n        \u003cnetwork_mask\u003e255.255.255.252\u003c/network_mask\u003e\n        \u003cnetwork_cidr\u003e30\u003c/network_cidr\u003e\n      \u003c/tunnel_inside_address\u003e\n      \u003cbgp\u003e\n        \u003casn\u003e13364\u003c/asn\u003e\n        \u003chold_time\u003e30\u003c/hold_time\u003e\n      \u003c/bgp\u003e\n    \u003c/customer_gateway\u003e\n    \u003cvpn_gateway\u003e\n      \u003ctunnel_outside_address\u003e\n        \u003cip_address\u003e34.224.239.131\u003c/ip_address\u003e\n      \u003c/tunnel_outside_address\u003e\n      \u003ctunnel_inside_address\u003e\n        \u003cip_address\u003e169.254.47.185\u003c/ip_address\u003e\n        \u003cnetwork_mask\u003e255.255.255.252\u003c/network_mask\u003e\n        \u003cnetwork_cidr\u003e30\u003c/network_cidr\u003e\n      \u003c/tunnel_inside_address\u003e\n      \u003cbgp\u003e\n        \u003casn\u003e7224\u003c/asn\u003e\n        \u003chold_time\u003e30\u003c/hold_time\u003e\n      \u003c/bgp\u003e\n    \u003c/vpn_gateway\u003e\n    \u003cike\u003e\n      \u003cauthentication_protocol\u003esha1\u003c/authentication_protocol\u003e\n      \u003cencryption_protocol\u003eaes-128-cbc\u003c/encryption_protocol\u003e\n      \u003clifetime\u003e28800\u003c/lifetime\u003e\n      \u003cperfect_forward_secrecy\u003egroup2\u003c/perfect_forward_secrecy\u003e\n      \u003cmode\u003emain\u003c/mode\u003e\n      \u003cpre_shared_key\u003e.Z5plqudf8Rwa6t6yz6ZV_SiTgCCJYjm\u003c/pre_shared_key\u003e\n    \u003c/ike\u003e\n    \u003cipsec\u003e\n      \u003cprotocol\u003eesp\u003c/protocol\u003e\n      \u003cauthentication_protocol\u003ehmac-sha1-96\u003c/authentication_protocol\u003e\n      \u003cencryption_protocol\u003eaes-128-cbc\u003c/encryption_protocol\u003e\n      \u003clifetime\u003e3600\u003c/lifetime\u003e\n      \u003cperfect_forward_secrecy\u003egroup2\u003c/perfect_forward_secrecy\u003e\n      \u003cmode\u003etunnel\u003c/mode\u003e\n      \u003cclear_df_bit\u003etrue\u003c/clear_df_bit\u003e\n      \u003cfragmentation_before_encryption\u003etrue\u003c/fragmentation_before_encryption\u003e\n      \u003ctcp_mss_adjustment\u003e1379\u003c/tcp_mss_adjustment\u003e\n      \u003cdead_peer_detection\u003e\n        \u003cinterval\u003e10\u003c/interval\u003e\n        \u003cretries\u003e3\u003c/retries\u003e\n      \u003c/dead_peer_detection\u003e\n    \u003c/ipsec\u003e\n  \u003c/ipsec_tunnel\u003e\n  \u003cipsec_tunnel\u003e\n    \u003ccustomer_gateway\u003e\n      \u003ctunnel_outside_address\u003e\n        \u003cip_address\u003e204.93.64.130\u003c/ip_address\u003e\n      \u003c/tunnel_outside_address\u003e\n      \u003ctunnel_inside_address\u003e\n        \u003cip_address\u003e169.254.44.214\u003c/ip_address\u003e\n        \u003cnetwork_mask\u003e255.255.255.252\u003c/network_mask\u003e\n        \u003cnetwork_cidr\u003e30\u003c/network_cidr\u003e\n      \u003c/tunnel_inside_address\u003e\n      \u003cbgp\u003e\n        \u003casn\u003e13364\u003c/asn\u003e\n        \u003chold_time\u003e30\u003c/hold_time\u003e\n      \u003c/bgp\u003e\n    \u003c/customer_gateway\u003e\n    \u003cvpn_gateway\u003e\n      \u003ctunnel_outside_address\u003e\n        \u003cip_address\u003e52.44.243.17\u003c/ip_address\u003e\n      \u003c/tunnel_outside_address\u003e\n      \u003ctunnel_inside_address\u003e\n        \u003cip_address\u003e169.254.44.213\u003c/ip_address\u003e\n        \u003cnetwork_mask\u003e255.255.255.252\u003c/network_mask\u003e\n        \u003cnetwork_cidr\u003e30\u003c/network_cidr\u003e\n      \u003c/tunnel_inside_address\u003e\n      \u003cbgp\u003e\n        \u003casn\u003e7224\u003c/asn\u003e\n        \u003chold_time\u003e30\u003c/hold_time\u003e\n      \u003c/bgp\u003e\n    \u003c/vpn_gateway\u003e\n    \u003cike\u003e\n      \u003cauthentication_protocol\u003esha1\u003c/authentication_protocol\u003e\n      \u003cencryption_protocol\u003eaes-128-cbc\u003c/encryption_protocol\u003e\n      \u003clifetime\u003e28800\u003c/lifetime\u003e\n      \u003cperfect_forward_secrecy\u003egroup2\u003c/perfect_forward_secrecy\u003e\n      \u003cmode\u003emain\u003c/mode\u003e\n      \u003cpre_shared_key\u003eXJrgHForkXzxd4gPhJnv9BGTtCT6nTK5\u003c/pre_shared_key\u003e\n    \u003c/ike\u003e\n    \u003cipsec\u003e\n      \u003cprotocol\u003eesp\u003c/protocol\u003e\n      \u003cauthentication_protocol\u003ehmac-sha1-96\u003c/authentication_protocol\u003e\n      \u003cencryption_protocol\u003eaes-128-cbc\u003c/encryption_protocol\u003e\n      \u003clifetime\u003e3600\u003c/lifetime\u003e\n      \u003cperfect_forward_secrecy\u003egroup2\u003c/perfect_forward_secrecy\u003e\n      \u003cmode\u003etunnel\u003c/mode\u003e\n      \u003cclear_df_bit\u003etrue\u003c/clear_df_bit\u003e\n      \u003cfragmentation_before_encryption\u003etrue\u003c/fragmentation_before_encryption\u003e\n      \u003ctcp_mss_adjustment\u003e1379\u003c/tcp_mss_adjustment\u003e\n      \u003cdead_peer_detection\u003e\n        \u003cinterval\u003e10\u003c/interval\u003e\n        \u003cretries\u003e3\u003c/retries\u003e\n      \u003c/dead_peer_detection\u003e\n    \u003c/ipsec\u003e\n  \u003c/ipsec_tunnel\u003e\n\u003c/vpn_connection\u003e",
                            "customer_gateway_id": "cgw-a19a71c8",
                            "id": "vpn-07425166",
                            "routes.#": "0",
                            "static_routes_only": "false",
                            "tags.%": "5",
                            "tags.Name": "infra-prod-jive-vpn",
                            "tags.account_name": "jive-reco-prod",
                            "tags.pipeline_phase": "infra-prod",
                            "tags.region": "us-east-1",
                            "tags.sla": "prod",
                            "tunnel1_address": "34.224.239.131",
                            "tunnel1_preshared_key": ".Z5plqudf8Rwa6t6yz6ZV_SiTgCCJYjm",
                            "tunnel2_address": "52.44.243.17",
                            "tunnel2_preshared_key": "XJrgHForkXzxd4gPhJnv9BGTtCT6nTK5",
                            "type": "ipsec.1",
                            "vgw_telemetry.#": "2",
                            "vgw_telemetry.3154892437.accepted_route_count": "0",
                            "vgw_telemetry.3154892437.last_status_change": "2017-07-13 20:43:58 +0000 UTC",
                            "vgw_telemetry.3154892437.outside_ip_address": "34.224.239.131",
                            "vgw_telemetry.3154892437.status": "DOWN",
                            "vgw_telemetry.3154892437.status_message": "IPSEC IS DOWN",
                            "vgw_telemetry.837373809.accepted_route_count": "0",
                            "vgw_telemetry.837373809.last_status_change": "2017-07-13 20:43:33 +0000 UTC",
                            "vgw_telemetry.837373809.outside_ip_address": "52.44.243.17",
                            "vgw_telemetry.837373809.status": "DOWN",
                            "vgw_telemetry.837373809.status_message": "IPSEC IS DOWN",
                            "vpn_gateway_id": "vgw-3c8b6055"
                        },
                        "meta": {},
                        "tainted": false
                    },
                    "deposed": [],
                    "provider": ""
                },
                "aws_vpn_gateway.vgw": {
                    "type": "aws_vpn_gateway",
                    "depends_on": [
                        "aws_vpc.main"
                    ],
                    "primary": {
                        "id": "vgw-3c8b6055",
                        "attributes": {
                            "id": "vgw-3c8b6055",
                            "tags.%": "7",
                            "tags.Name": "infra-prod-vgw",
                            "tags.account_name": "jive-reco-prod",
                            "tags.jive_service": "infrastructure",
                            "tags.pipeline_phase": "infra-prod",
                            "tags.region": "us-east-1",
                            "tags.service_component": "vpn_gateway",
                            "tags.sla": "prod",
                            "vpc_id": "vpc-4a5ec333"
                        },
                        "meta": {},
                        "tainted": false
                    },
                    "deposed": [],
                    "provider": ""
                },
                "data.template_file.bastion_user_data": {
                    "type": "template_file",
                    "depends_on": [
                        "aws_network_interface.bastion"
                    ],
                    "primary": {
                        "id": "465ba1abbdea19b25c9a43dbd1f7704f845d47ca4b0d7d51bad7fdb8ca971ffc",
                        "attributes": {
                            "id": "465ba1abbdea19b25c9a43dbd1f7704f845d47ca4b0d7d51bad7fdb8ca971ffc",
                            "rendered": "#!/bin/bash\n\ndeclare -r instance_id=$(curl -s http://169.254.169.254/latest/meta-data/instance-id)\ndeclare -r bi=10.127.55.7\ndeclare -r bastion_gw=\"${bi%.*}.1\"\n\nfunction_prep() {\n    # Get pip for awscli\n    yum install -y epel-release\n    yum install -y python-pip\n    pip install awscli\n}\n\nfunction_eni() {\n    # Attached the ENI to the Bastion instance\n    /usr/bin/aws ec2 attach-network-interface   --region us-east-1 \\\n                                                --network-interface-id eni-7de7b0ae \\\n                                                --instance-id $instance_id \\\n                                                --device-index 1\n\n    # Give the ENI some time to get an IP and attach correctly\n    sleep 30\n}\n\nfunction_network() {\n    # Make eth1 the default route, set eth0 off, and set eth1 on, then restart the network\n    cat \u003c\u003cEOF \u003e /etc/sysconfig/network\nNETWORKING=yes\nNOZEROCONF=yes\nGATEWAY=$bastion_gw\nGATEWAYDEV=eth1\nEOF\n\n    cat \u003c\u003cEOF \u003e /etc/sysconfig/network-scripts/ifcfg-eth0\nDEVICE=\"eth0\"\nONBOOT=\"no\"\nEOF\n\n    cat \u003c\u003cEOF \u003e /etc/sysconfig/network-scripts/ifcfg-eth1\nDEVICE=eth1\nBOOTPROTO=static\nDHCPCLASS=\nIPADDR=10.127.55.7\nNETMASK=255.255.255.224\nONBOOT=yes\nEOF\n\n    systemctl restart network\n}\n\nfunction_nexus() {\n    # URL redirect fails without this entry\n    echo \"10.10.100.155 nexus-int.eng.jiveland.com\" \u003e\u003e /etc/hosts\n\n    # Script to download Ansible artifact from Nexus\n    cat \u003c\u003c'EOF' \u003e /tmp/get_nexus_artifact.sh\n#!/bin/bash\n# Argument = -h -v -i groupId:artifactId:version -c classifier -p packaging -r repository\n\n# Define Nexus Configuration\nNEXUS_BASE=nexus-int.eng.jiveland.com\nREST_PATH=/service/local\nART_REDIR=/artifact/maven/redirect\n\n# Read in Complete Set of Coordinates from the Command Line\nGROUP_ID=\nARTIFACT_ID=\nVERSION=\"LATEST\"\nCLASSIFIER=\"\"\nPACKAGING=tar.gz\nREPO=\"candidates\"\nVERBOSE=0\n\nwhile getopts \"hvi:c:p:\" OPTION\ndo\n     case $OPTION in\n         h)\n             usage\n             exit 1\n             ;;\n         i)\n\t     OIFS=$IFS\n             IFS=\":\"\n\t     GAV_COORD=( $OPTARG )\n\t     GROUP_ID=${GAV_COORD[0]}\n             ARTIFACT_ID=${GAV_COORD[1]}\n             VERSION=${GAV_COORD[2]}\n\t     IFS=$OIFS\n             ;;\n         c)\n             CLASSIFIER=$OPTARG\n             ;;\n         p)\n             PACKAGING=$OPTARG\n             ;;\n         v)\n             VERBOSE=1\n             ;;\n         ?)\n             usage\n             exit\n             ;;\n     esac\ndone\n\nif [[ -z $GROUP_ID ]] || [[ -z $ARTIFACT_ID ]] || [[ -z $VERSION ]]\nthen\n     echo \"BAD ARGUMENTS: Either groupId, artifactId, or version was not supplied\" \u003e\u00262\n     usage\n     exit 1\nfi\n\n# Construct the base URL\nREDIRECT_URL=${NEXUS_BASE}${REST_PATH}${ART_REDIR}\n\n# Generate the list of parameters\nPARAM_KEYS=( g a v r p c )\nPARAM_VALUES=( $GROUP_ID $ARTIFACT_ID $VERSION $REPO $PACKAGING $CLASSIFIER )\nPARAMS=\"\"\nfor index in ${!PARAM_KEYS[*]}\ndo\n  if [[ ${PARAM_VALUES[$index]} != \"\" ]]\n  then\n    PARAMS=\"${PARAMS}${PARAM_KEYS[$index]}=${PARAM_VALUES[$index]}\u0026\"\n  fi\ndone\n\nREDIRECT_URL=\"${REDIRECT_URL}?${PARAMS}\"\n\necho \"Fetching Artifact from $REDIRECT_URL...\" \u003e\u00262\ncurl -sS -L ${REDIRECT_URL}\nEOF\n    # Run script to download latest Ansible artifact and unpack\n    chmod +x /tmp/get_nexus_artifact.sh\n    /tmp/get_nexus_artifact.sh -i com.jivesoftware.techops:ansible-common:LATEST \u003e /tmp/ansible-common.tar.gz\n}\n\nfunction_ansible() {\n    # Need Sudo TTY\n    sed -i s/'Defaults    requiretty'/'#Defaults    requiretty'/ /etc/sudoers\n    # Disable SELINUX for SSSD\n    sed -i 's/^SELINUX=.*/SELINUX=disabled/' /etc/selinux/config\n    # Create Ansible working directories\n    mkdir -p /tmp/ansible-common\n    tar xf /tmp/ansible-common.tar.gz -C /tmp/ansible-common/\n    # Set Python to 2.6 and run Ansible locally\n    alternatives --set python /usr/bin/python2.6\n    yum install -y python-boto ansible\n\n    # Run Ansible\n    /tmp/ansible-common/bin/run_ansible.sh /tmp/ansible-common/playbook-bastion.yml -e region=us-east-1 --connection=local -i /tmp/ansible-common/inventory_ec2/ \u003e\u003e /tmp/ansible-common/ansible_debug.log\n\n    # Change permissions on Ansible artifact so that ansible deploy pipeline\n    # can overwrite them in the future\n    chown -R ansible:service-users /tmp/ansible-common /tmp/ansible-common.tar.gz\n}\n\nfunction_restart() {\n    # Need to restart for SELINUX change.\n    shutdown -r now\n}\n\n# Run the things\nfunction_prep\nfunction_eni\nfunction_network\nfunction_nexus\nfunction_ansible\nfunction_restart\n",
                            "template": "#!/bin/bash\n\ndeclare -r instance_id=$(curl -s http://169.254.169.254/latest/meta-data/instance-id)\ndeclare -r bi=${bastion_ip}\ndeclare -r bastion_gw=\"$${bi%.*}.1\"\n\nfunction_prep() {\n    # Get pip for awscli\n    yum install -y epel-release\n    yum install -y python-pip\n    pip install awscli\n}\n\nfunction_eni() {\n    # Attached the ENI to the Bastion instance\n    /usr/bin/aws ec2 attach-network-interface   --region ${region} \\\n                                                --network-interface-id ${eni} \\\n                                                --instance-id $instance_id \\\n                                                --device-index 1\n\n    # Give the ENI some time to get an IP and attach correctly\n    sleep 30\n}\n\nfunction_network() {\n    # Make eth1 the default route, set eth0 off, and set eth1 on, then restart the network\n    cat \u003c\u003cEOF \u003e /etc/sysconfig/network\nNETWORKING=yes\nNOZEROCONF=yes\nGATEWAY=$bastion_gw\nGATEWAYDEV=eth1\nEOF\n\n    cat \u003c\u003cEOF \u003e /etc/sysconfig/network-scripts/ifcfg-eth0\nDEVICE=\"eth0\"\nONBOOT=\"no\"\nEOF\n\n    cat \u003c\u003cEOF \u003e /etc/sysconfig/network-scripts/ifcfg-eth1\nDEVICE=eth1\nBOOTPROTO=static\nDHCPCLASS=\nIPADDR=${bastion_ip}\nNETMASK=255.255.255.224\nONBOOT=yes\nEOF\n\n    systemctl restart network\n}\n\nfunction_nexus() {\n    # URL redirect fails without this entry\n    echo \"10.10.100.155 nexus-int.eng.jiveland.com\" \u003e\u003e /etc/hosts\n\n    # Script to download Ansible artifact from Nexus\n    cat \u003c\u003c'EOF' \u003e /tmp/get_nexus_artifact.sh\n#!/bin/bash\n# Argument = -h -v -i groupId:artifactId:version -c classifier -p packaging -r repository\n\n# Define Nexus Configuration\nNEXUS_BASE=nexus-int.eng.jiveland.com\nREST_PATH=/service/local\nART_REDIR=/artifact/maven/redirect\n\n# Read in Complete Set of Coordinates from the Command Line\nGROUP_ID=\nARTIFACT_ID=\nVERSION=\"LATEST\"\nCLASSIFIER=\"\"\nPACKAGING=tar.gz\nREPO=\"candidates\"\nVERBOSE=0\n\nwhile getopts \"hvi:c:p:\" OPTION\ndo\n     case $OPTION in\n         h)\n             usage\n             exit 1\n             ;;\n         i)\n\t     OIFS=$IFS\n             IFS=\":\"\n\t     GAV_COORD=( $OPTARG )\n\t     GROUP_ID=$${GAV_COORD[0]}\n             ARTIFACT_ID=$${GAV_COORD[1]}\n             VERSION=$${GAV_COORD[2]}\n\t     IFS=$OIFS\n             ;;\n         c)\n             CLASSIFIER=$OPTARG\n             ;;\n         p)\n             PACKAGING=$OPTARG\n             ;;\n         v)\n             VERBOSE=1\n             ;;\n         ?)\n             usage\n             exit\n             ;;\n     esac\ndone\n\nif [[ -z $GROUP_ID ]] || [[ -z $ARTIFACT_ID ]] || [[ -z $VERSION ]]\nthen\n     echo \"BAD ARGUMENTS: Either groupId, artifactId, or version was not supplied\" \u003e\u00262\n     usage\n     exit 1\nfi\n\n# Construct the base URL\nREDIRECT_URL=$${NEXUS_BASE}$${REST_PATH}$${ART_REDIR}\n\n# Generate the list of parameters\nPARAM_KEYS=( g a v r p c )\nPARAM_VALUES=( $GROUP_ID $ARTIFACT_ID $VERSION $REPO $PACKAGING $CLASSIFIER )\nPARAMS=\"\"\nfor index in $${!PARAM_KEYS[*]}\ndo\n  if [[ $${PARAM_VALUES[$index]} != \"\" ]]\n  then\n    PARAMS=\"$${PARAMS}$${PARAM_KEYS[$index]}=$${PARAM_VALUES[$index]}\u0026\"\n  fi\ndone\n\nREDIRECT_URL=\"$${REDIRECT_URL}?$${PARAMS}\"\n\necho \"Fetching Artifact from $REDIRECT_URL...\" \u003e\u00262\ncurl -sS -L $${REDIRECT_URL}\nEOF\n    # Run script to download latest Ansible artifact and unpack\n    chmod +x /tmp/get_nexus_artifact.sh\n    /tmp/get_nexus_artifact.sh -i com.jivesoftware.techops:ansible-common:LATEST \u003e /tmp/ansible-common.tar.gz\n}\n\nfunction_ansible() {\n    # Need Sudo TTY\n    sed -i s/'Defaults    requiretty'/'#Defaults    requiretty'/ /etc/sudoers\n    # Disable SELINUX for SSSD\n    sed -i 's/^SELINUX=.*/SELINUX=disabled/' /etc/selinux/config\n    # Create Ansible working directories\n    mkdir -p /tmp/ansible-common\n    tar xf /tmp/ansible-common.tar.gz -C /tmp/ansible-common/\n    # Set Python to 2.6 and run Ansible locally\n    alternatives --set python /usr/bin/python2.6\n    yum install -y python-boto ansible\n\n    # Run Ansible\n    /tmp/ansible-common/bin/run_ansible.sh /tmp/ansible-common/playbook-bastion.yml -e region=${region} --connection=local -i /tmp/ansible-common/inventory_ec2/ \u003e\u003e /tmp/ansible-common/ansible_debug.log\n\n    # Change permissions on Ansible artifact so that ansible deploy pipeline\n    # can overwrite them in the future\n    chown -R ansible:service-users /tmp/ansible-common /tmp/ansible-common.tar.gz\n}\n\nfunction_restart() {\n    # Need to restart for SELINUX change.\n    shutdown -r now\n}\n\n# Run the things\nfunction_prep\nfunction_eni\nfunction_network\nfunction_nexus\nfunction_ansible\nfunction_restart\n",
                            "vars.%": "5",
                            "vars.account_name": "jive-reco-prod",
                            "vars.bastion_ip": "10.127.55.7",
                            "vars.eni": "eni-7de7b0ae",
                            "vars.pipeline_phase": "infra-prod",
                            "vars.region": "us-east-1"
                        },
                        "meta": {},
                        "tainted": false
                    },
                    "deposed": [],
                    "provider": ""
                }
            },
            "depends_on": []
        }
    ]
}
