{
    "version": 3,
    "terraform_version": "0.9.2",
    "serial": 50,
    "lineage": "1bfa836e-804f-4480-b1c4-cd0bb7d44407",
    "modules": [
        {
            "path": [
                "root"
            ],
            "outputs": {},
            "resources": {
                "aws_autoscaling_group.molecule": {
                    "type": "aws_autoscaling_group",
                    "depends_on": [
                        "aws_ebs_volume.molecule",
                        "aws_elb.molecule",
                        "aws_launch_configuration.molecule_node"
                    ],
                    "primary": {
                        "id": "test-test-molecule",
                        "attributes": {
                            "arn": "arn:aws:autoscaling:us-west-2:044571148504:autoScalingGroup:66e13992-8362-40f6-9a24-646bb80b90e3:autoScalingGroupName/test-test-molecule",
                            "availability_zones.#": "1",
                            "availability_zones.2487133097": "us-west-2a",
                            "default_cooldown": "300",
                            "desired_capacity": "1",
                            "force_delete": "false",
                            "health_check_grace_period": "300",
                            "health_check_type": "EC2",
                            "id": "test-test-molecule",
                            "launch_configuration": "terraform-0057ea4831d787c65896cdb16e",
                            "load_balancers.#": "1",
                            "load_balancers.2485978008": "test-test-molecule",
                            "max_size": "1",
                            "metrics_granularity": "1Minute",
                            "min_size": "1",
                            "name": "test-test-molecule",
                            "placement_group": "",
                            "protect_from_scale_in": "false",
                            "suspended_processes.#": "0",
                            "tag.#": "7",
                            "tag.2005627539.key": "region",
                            "tag.2005627539.propagate_at_launch": "true",
                            "tag.2005627539.value": "us-west-2",
                            "tag.275547946.key": "account_name",
                            "tag.275547946.propagate_at_launch": "true",
                            "tag.275547946.value": "jive-ps-pipeline",
                            "tag.3162570584.key": "Name",
                            "tag.3162570584.propagate_at_launch": "true",
                            "tag.3162570584.value": "test-test-molecule-node",
                            "tag.3730876864.key": "pipeline_phase",
                            "tag.3730876864.propagate_at_launch": "true",
                            "tag.3730876864.value": "test",
                            "tag.572346236.key": "sla",
                            "tag.572346236.propagate_at_launch": "true",
                            "tag.572346236.value": "non_prod",
                            "tag.7808362.key": "jive_service",
                            "tag.7808362.propagate_at_launch": "true",
                            "tag.7808362.value": "boomi",
                            "tag.876957730.key": "service_component",
                            "tag.876957730.propagate_at_launch": "true",
                            "tag.876957730.value": "test-molecule",
                            "target_group_arns.#": "0",
                            "termination_policies.#": "0",
                            "vpc_zone_identifier.#": "1",
                            "vpc_zone_identifier.407043275": "subnet-ce0cd5b8",
                            "wait_for_capacity_timeout": "10m"
                        },
                        "meta": {},
                        "tainted": false
                    },
                    "deposed": [],
                    "provider": ""
                },
                "aws_ebs_volume.molecule": {
                    "type": "aws_ebs_volume",
                    "depends_on": [],
                    "primary": {
                        "id": "vol-02fb78f9c53f23dd1",
                        "attributes": {
                            "availability_zone": "us-west-2a",
                            "encrypted": "true",
                            "id": "vol-02fb78f9c53f23dd1",
                            "size": "250",
                            "snapshot_id": "",
                            "tags.%": "6",
                            "tags.account_name": "jive-ps-pipeline",
                            "tags.jive_service": "boomi",
                            "tags.pipeline_phase": "test",
                            "tags.region": "us-west-2",
                            "tags.service_component": "test-molecule",
                            "tags.volume_status": "active",
                            "type": "gp2"
                        },
                        "meta": {},
                        "tainted": false
                    },
                    "deposed": [],
                    "provider": ""
                },
                "aws_elb.molecule": {
                    "type": "aws_elb",
                    "depends_on": [
                        "aws_security_group.molecule_elb"
                    ],
                    "primary": {
                        "id": "test-test-molecule",
                        "attributes": {
                            "access_logs.#": "0",
                            "availability_zones.#": "2",
                            "availability_zones.221770259": "us-west-2b",
                            "availability_zones.2487133097": "us-west-2a",
                            "connection_draining": "false",
                            "connection_draining_timeout": "300",
                            "cross_zone_load_balancing": "true",
                            "dns_name": "test-test-molecule-850851100.us-west-2.elb.amazonaws.com",
                            "health_check.#": "1",
                            "health_check.0.healthy_threshold": "2",
                            "health_check.0.interval": "15",
                            "health_check.0.target": "TCP:8080",
                            "health_check.0.timeout": "3",
                            "health_check.0.unhealthy_threshold": "2",
                            "id": "test-test-molecule",
                            "idle_timeout": "60",
                            "instances.#": "0",
                            "internal": "false",
                            "listener.#": "1",
                            "listener.2294650293.instance_port": "8080",
                            "listener.2294650293.instance_protocol": "http",
                            "listener.2294650293.lb_port": "443",
                            "listener.2294650293.lb_protocol": "https",
                            "listener.2294650293.ssl_certificate_id": "arn:aws:iam::044571148504:server-certificate/jivecloudservices.com",
                            "name": "test-test-molecule",
                            "security_groups.#": "1",
                            "security_groups.2041156782": "sg-3a0c4940",
                            "source_security_group": "044571148504/test-test-molecule_elb",
                            "source_security_group_id": "sg-3a0c4940",
                            "subnets.#": "2",
                            "subnets.112855816": "subnet-1f1e997b",
                            "subnets.1600597246": "subnet-c10cd5b7",
                            "tags.%": "5",
                            "tags.account_name": "jive-ps-pipeline",
                            "tags.jive_service": "boomi",
                            "tags.pipeline_phase": "test",
                            "tags.region": "us-west-2",
                            "tags.service_component": "test-molecule",
                            "zone_id": "Z1H1FL5HABSF5"
                        },
                        "meta": {},
                        "tainted": false
                    },
                    "deposed": [],
                    "provider": ""
                },
                "aws_launch_configuration.molecule_node": {
                    "type": "aws_launch_configuration",
                    "depends_on": [
                        "aws_security_group.molecule"
                    ],
                    "primary": {
                        "id": "terraform-0057ea4831d787c65896cdb16e",
                        "attributes": {
                            "associate_public_ip_address": "false",
                            "ebs_block_device.#": "1",
                            "ebs_block_device.2659407853.delete_on_termination": "true",
                            "ebs_block_device.2659407853.device_name": "/dev/sdf",
                            "ebs_block_device.2659407853.encrypted": "true",
                            "ebs_block_device.2659407853.iops": "0",
                            "ebs_block_device.2659407853.snapshot_id": "",
                            "ebs_block_device.2659407853.volume_size": "100",
                            "ebs_block_device.2659407853.volume_type": "gp2",
                            "ebs_optimized": "false",
                            "enable_monitoring": "true",
                            "ephemeral_block_device.#": "0",
                            "iam_instance_profile": "boomi-node",
                            "id": "terraform-0057ea4831d787c65896cdb16e",
                            "image_id": "ami-d2c924b2",
                            "instance_type": "m4.large",
                            "key_name": "ps-pipeline",
                            "name": "terraform-0057ea4831d787c65896cdb16e",
                            "root_block_device.#": "1",
                            "root_block_device.0.delete_on_termination": "true",
                            "root_block_device.0.iops": "0",
                            "root_block_device.0.volume_size": "0",
                            "root_block_device.0.volume_type": "gp2",
                            "security_groups.#": "2",
                            "security_groups.2808737131": "sg-db0c49a1",
                            "security_groups.565558727": "sg-48846e2e",
                            "spot_price": "",
                            "user_data": "baf204b0cae9af8ad81c8e200667359ea86cd880",
                            "vpc_classic_link_id": "",
                            "vpc_classic_link_security_groups.#": "0"
                        },
                        "meta": {},
                        "tainted": false
                    },
                    "deposed": [],
                    "provider": ""
                },
                "aws_security_group.molecule": {
                    "type": "aws_security_group",
                    "depends_on": [
                        "aws_security_group.molecule_elb"
                    ],
                    "primary": {
                        "id": "sg-db0c49a1",
                        "attributes": {
                            "description": "test molecule instances within the evironment",
                            "egress.#": "0",
                            "id": "sg-db0c49a1",
                            "ingress.#": "1",
                            "ingress.3961771105.cidr_blocks.#": "0",
                            "ingress.3961771105.from_port": "8080",
                            "ingress.3961771105.ipv6_cidr_blocks.#": "0",
                            "ingress.3961771105.protocol": "tcp",
                            "ingress.3961771105.security_groups.#": "1",
                            "ingress.3961771105.security_groups.2041156782": "sg-3a0c4940",
                            "ingress.3961771105.self": "false",
                            "ingress.3961771105.to_port": "8080",
                            "name": "test-test-molecule",
                            "owner_id": "044571148504",
                            "tags.%": "6",
                            "tags.account_name": "jive-ps-pipeline",
                            "tags.jive_service": "boomi",
                            "tags.pipeline_phase": "test",
                            "tags.region": "us-west-2",
                            "tags.service_component": "test-molecule",
                            "tags.sla": "non_prod",
                            "vpc_id": "vpc-b05fe4d4"
                        },
                        "meta": {},
                        "tainted": false
                    },
                    "deposed": [],
                    "provider": ""
                },
                "aws_security_group.molecule_elb": {
                    "type": "aws_security_group",
                    "depends_on": [],
                    "primary": {
                        "id": "sg-3a0c4940",
                        "attributes": {
                            "description": "Access to molecule elb",
                            "egress.#": "1",
                            "egress.482069346.cidr_blocks.#": "1",
                            "egress.482069346.cidr_blocks.0": "0.0.0.0/0",
                            "egress.482069346.from_port": "0",
                            "egress.482069346.ipv6_cidr_blocks.#": "0",
                            "egress.482069346.prefix_list_ids.#": "0",
                            "egress.482069346.protocol": "-1",
                            "egress.482069346.security_groups.#": "0",
                            "egress.482069346.self": "false",
                            "egress.482069346.to_port": "0",
                            "id": "sg-3a0c4940",
                            "ingress.#": "1",
                            "ingress.2617001939.cidr_blocks.#": "1",
                            "ingress.2617001939.cidr_blocks.0": "0.0.0.0/0",
                            "ingress.2617001939.from_port": "443",
                            "ingress.2617001939.ipv6_cidr_blocks.#": "0",
                            "ingress.2617001939.protocol": "tcp",
                            "ingress.2617001939.security_groups.#": "0",
                            "ingress.2617001939.self": "false",
                            "ingress.2617001939.to_port": "443",
                            "name": "test-test-molecule_elb",
                            "owner_id": "044571148504",
                            "tags.%": "5",
                            "tags.account_name": "jive-ps-pipeline",
                            "tags.jive_service": "boomi",
                            "tags.pipeline_phase": "test",
                            "tags.region": "us-west-2",
                            "tags.service_component": "test-molecule",
                            "vpc_id": "vpc-b05fe4d4"
                        },
                        "meta": {},
                        "tainted": false
                    },
                    "deposed": [],
                    "provider": ""
                }
            },
            "depends_on": []
        }
    ]
}
