{
    "version": 3,
    "terraform_version": "0.9.2",
    "serial": 32,
    "lineage": "22bf7810-f840-42ca-b62a-6bb9ef405b1a",
    "modules": [
        {
            "path": [
                "root"
            ],
            "outputs": {},
            "resources": {
                "aws_autoscaling_group.bastion": {
                    "type": "aws_autoscaling_group",
                    "depends_on": [
                        "aws_launch_configuration.bastion",
                        "aws_launch_configuration.bastion",
                        "aws_subnet.natdc"
                    ],
                    "primary": {
                        "id": "infra-pipeline-bastion-asg-terraform-008b4122d65f56c4cede1be749",
                        "attributes": {
                            "arn": "arn:aws:autoscaling:eu-central-1:517449413234:autoScalingGroup:5db704b8-bfd3-4d0e-821f-5a7f3dfadaa5:autoScalingGroupName/infra-pipeline-bastion-asg-terraform-008b4122d65f56c4cede1be749",
                            "availability_zones.#": "1",
                            "availability_zones.1126047633": "eu-central-1a",
                            "default_cooldown": "300",
                            "desired_capacity": "1",
                            "force_delete": "false",
                            "health_check_grace_period": "300",
                            "health_check_type": "EC2",
                            "id": "infra-pipeline-bastion-asg-terraform-008b4122d65f56c4cede1be749",
                            "launch_configuration": "terraform-008b4122d65f56c4cede1be749",
                            "load_balancers.#": "0",
                            "max_size": "1",
                            "metrics_granularity": "1Minute",
                            "min_size": "1",
                            "name": "infra-pipeline-bastion-asg-terraform-008b4122d65f56c4cede1be749",
                            "placement_group": "",
                            "protect_from_scale_in": "false",
                            "suspended_processes.#": "0",
                            "tag.#": "8",
                            "tag.1327214408.key": "bastionip",
                            "tag.1327214408.propagate_at_launch": "true",
                            "tag.1327214408.value": "10.127.64.7",
                            "tag.137841598.key": "account_name",
                            "tag.137841598.propagate_at_launch": "true",
                            "tag.137841598.value": "jive-infra-pipeline",
                            "tag.1907427875.key": "pipeline_phase",
                            "tag.1907427875.propagate_at_launch": "true",
                            "tag.1907427875.value": "infra-pipeline",
                            "tag.2220074062.key": "sla",
                            "tag.2220074062.propagate_at_launch": "true",
                            "tag.2220074062.value": "non-prod",
                            "tag.2734052481.key": "service_component",
                            "tag.2734052481.propagate_at_launch": "true",
                            "tag.2734052481.value": "bastion",
                            "tag.3180302108.key": "region",
                            "tag.3180302108.propagate_at_launch": "true",
                            "tag.3180302108.value": "eu-central-1",
                            "tag.3357193003.key": "Name",
                            "tag.3357193003.propagate_at_launch": "true",
                            "tag.3357193003.value": "infra-pipeline-bastion-instance",
                            "tag.853938758.key": "jive_service",
                            "tag.853938758.propagate_at_launch": "true",
                            "tag.853938758.value": "infrastructure",
                            "target_group_arns.#": "0",
                            "termination_policies.#": "0",
                            "vpc_zone_identifier.#": "1",
                            "vpc_zone_identifier.2732510988": "subnet-3c379654",
                            "wait_for_capacity_timeout": "10m"
                        },
                        "meta": {},
                        "tainted": false
                    },
                    "deposed": [],
                    "provider": ""
                },
                "aws_customer_gateway.customer_gateway": {
                    "type": "aws_customer_gateway",
                    "depends_on": [],
                    "primary": {
                        "id": "cgw-ebfa74db",
                        "attributes": {
                            "bgp_asn": "13364",
                            "id": "cgw-ebfa74db",
                            "ip_address": "204.93.80.68",
                            "tags.%": "5",
                            "tags.Account_name": "jive-infra-pipeline",
                            "tags.Name": "infra-pipeline-customer-gateway",
                            "tags.Pipeline_phase": "infra-pipeline",
                            "tags.Region": "eu-central-1",
                            "tags.SLA": "non-prod",
                            "type": "ipsec.1"
                        },
                        "meta": {},
                        "tainted": false
                    },
                    "deposed": [],
                    "provider": ""
                },
                "aws_eip.natgw.0": {
                    "type": "aws_eip",
                    "depends_on": [],
                    "primary": {
                        "id": "eipalloc-d58a05bc",
                        "attributes": {
                            "association_id": "eipassoc-dc51c0b7",
                            "domain": "vpc",
                            "id": "eipalloc-d58a05bc",
                            "instance": "",
                            "network_interface": "eni-4a1fe125",
                            "private_ip": "10.127.64.103",
                            "public_ip": "52.28.142.107",
                            "vpc": "true"
                        },
                        "meta": {},
                        "tainted": false
                    },
                    "deposed": [],
                    "provider": ""
                },
                "aws_eip.natgw.1": {
                    "type": "aws_eip",
                    "depends_on": [],
                    "primary": {
                        "id": "eipalloc-1b266972",
                        "attributes": {
                            "association_id": "eipassoc-0e50c165",
                            "domain": "vpc",
                            "id": "eipalloc-1b266972",
                            "instance": "",
                            "network_interface": "eni-f1c2bb8f",
                            "private_ip": "10.127.64.148",
                            "public_ip": "52.59.43.219",
                            "vpc": "true"
                        },
                        "meta": {},
                        "tainted": false
                    },
                    "deposed": [],
                    "provider": ""
                },
                "aws_internet_gateway.igw": {
                    "type": "aws_internet_gateway",
                    "depends_on": [
                        "aws_vpc.main"
                    ],
                    "primary": {
                        "id": "igw-1998e670",
                        "attributes": {
                            "id": "igw-1998e670",
                            "tags.%": "5",
                            "tags.Name": "infra-pipeline-igw",
                            "tags.account_name": "jive-infra-pipeline",
                            "tags.pipeline_phase": "infra-pipeline",
                            "tags.region": "eu-central-1",
                            "tags.sla": "non-prod",
                            "vpc_id": "vpc-42c4282a"
                        },
                        "meta": {},
                        "tainted": false
                    },
                    "deposed": [],
                    "provider": ""
                },
                "aws_launch_configuration.bastion": {
                    "type": "aws_launch_configuration",
                    "depends_on": [],
                    "primary": {
                        "id": "terraform-008b4122d65f56c4cede1be749",
                        "attributes": {
                            "associate_public_ip_address": "false",
                            "ebs_block_device.#": "0",
                            "ebs_optimized": "false",
                            "enable_monitoring": "true",
                            "ephemeral_block_device.#": "0",
                            "iam_instance_profile": "eni-attach-profile",
                            "id": "terraform-008b4122d65f56c4cede1be749",
                            "image_id": "ami-9bf712f4",
                            "instance_type": "t2.medium",
                            "key_name": "infra-pipeline",
                            "name": "terraform-008b4122d65f56c4cede1be749",
                            "root_block_device.#": "1",
                            "root_block_device.0.delete_on_termination": "true",
                            "root_block_device.0.iops": "0",
                            "root_block_device.0.volume_size": "25",
                            "root_block_device.0.volume_type": "",
                            "security_groups.#": "1",
                            "security_groups.602930272": "sg-23f3804b",
                            "spot_price": "",
                            "user_data": "6a8aa42d74a5f86fb110d063bb4bac990be45184",
                            "vpc_classic_link_id": "",
                            "vpc_classic_link_security_groups.#": "0"
                        },
                        "meta": {},
                        "tainted": false
                    },
                    "deposed": [],
                    "provider": ""
                },
                "aws_nat_gateway.natgw.0": {
                    "type": "aws_nat_gateway",
                    "depends_on": [
                        "aws_eip.natgw",
                        "aws_internet_gateway.igw",
                        "aws_subnet.public"
                    ],
                    "primary": {
                        "id": "nat-0181956257c2d46e8",
                        "attributes": {
                            "allocation_id": "eipalloc-d58a05bc",
                            "id": "nat-0181956257c2d46e8",
                            "network_interface_id": "eni-4a1fe125",
                            "private_ip": "10.127.64.103",
                            "public_ip": "52.28.142.107",
                            "subnet_id": "subnet-3b379653"
                        },
                        "meta": {},
                        "tainted": false
                    },
                    "deposed": [],
                    "provider": ""
                },
                "aws_nat_gateway.natgw.1": {
                    "type": "aws_nat_gateway",
                    "depends_on": [
                        "aws_eip.natgw",
                        "aws_internet_gateway.igw",
                        "aws_subnet.public"
                    ],
                    "primary": {
                        "id": "nat-08323b0f451d96424",
                        "attributes": {
                            "allocation_id": "eipalloc-1b266972",
                            "id": "nat-08323b0f451d96424",
                            "network_interface_id": "eni-f1c2bb8f",
                            "private_ip": "10.127.64.148",
                            "public_ip": "52.59.43.219",
                            "subnet_id": "subnet-c95aadb3"
                        },
                        "meta": {},
                        "tainted": false
                    },
                    "deposed": [],
                    "provider": ""
                },
                "aws_network_interface.bastion": {
                    "type": "aws_network_interface",
                    "depends_on": [
                        "aws_security_group.jive_phx_dc",
                        "aws_subnet.natdc"
                    ],
                    "primary": {
                        "id": "eni-e5498888",
                        "attributes": {
                            "attachment.#": "1",
                            "attachment.3560375639.attachment_id": "eni-attach-5f403e31",
                            "attachment.3560375639.device_index": "1",
                            "attachment.3560375639.instance": "i-0dc6e040fd62bb96e",
                            "description": "",
                            "id": "eni-e5498888",
                            "private_ips.#": "1",
                            "private_ips.4096719299": "10.127.64.7",
                            "security_groups.#": "1",
                            "security_groups.602930272": "sg-23f3804b",
                            "source_dest_check": "true",
                            "subnet_id": "subnet-3c379654",
                            "tags.%": "7",
                            "tags.Name": "infra-pipeline-bastion-instance",
                            "tags.account_name": "jive-infra-pipeline",
                            "tags.jive_service": "infrastructure",
                            "tags.pipeline_phase": "infra-pipeline",
                            "tags.region": "eu-central-1",
                            "tags.service_component": "bastion",
                            "tags.sla": "non-prod"
                        },
                        "meta": {},
                        "tainted": false
                    },
                    "deposed": [],
                    "provider": ""
                },
                "aws_route53_record.bastion": {
                    "type": "aws_route53_record",
                    "depends_on": [],
                    "primary": {
                        "id": "Z3EI1CWJSFIPAM_bastion-eu-central-1-jive-infra-pipeline_A",
                        "attributes": {
                            "fqdn": "bastion-eu-central-1-jive-infra-pipeline.jiveprivate.com",
                            "health_check_id": "",
                            "id": "Z3EI1CWJSFIPAM_bastion-eu-central-1-jive-infra-pipeline_A",
                            "name": "bastion-eu-central-1-jive-infra-pipeline",
                            "records.#": "1",
                            "records.4096719299": "10.127.64.7",
                            "set_identifier": "",
                            "ttl": "60",
                            "type": "A",
                            "zone_id": "Z3EI1CWJSFIPAM"
                        },
                        "meta": {
                            "schema_version": "2"
                        },
                        "tainted": false
                    },
                    "deposed": [],
                    "provider": ""
                },
                "aws_route53_zone_association.route53": {
                    "type": "aws_route53_zone_association",
                    "depends_on": [
                        "aws_vpc.main"
                    ],
                    "primary": {
                        "id": "Z3EI1CWJSFIPAM:vpc-42c4282a",
                        "attributes": {
                            "id": "Z3EI1CWJSFIPAM:vpc-42c4282a",
                            "vpc_id": "vpc-42c4282a",
                            "vpc_region": "eu-central-1",
                            "zone_id": "Z3EI1CWJSFIPAM"
                        },
                        "meta": {},
                        "tainted": false
                    },
                    "deposed": [],
                    "provider": ""
                },
                "aws_route_table.natdc.0": {
                    "type": "aws_route_table",
                    "depends_on": [
                        "aws_nat_gateway.natgw",
                        "aws_vpc.main",
                        "aws_vpn_gateway.vgw"
                    ],
                    "primary": {
                        "id": "rtb-bb8b46d3",
                        "attributes": {
                            "id": "rtb-bb8b46d3",
                            "propagating_vgws.#": "1",
                            "propagating_vgws.2384813394": "vgw-1ee06f2e",
                            "route.#": "2",
                            "route.1356305425.cidr_block": "0.0.0.0/0",
                            "route.1356305425.egress_only_gateway_id": "",
                            "route.1356305425.gateway_id": "",
                            "route.1356305425.instance_id": "",
                            "route.1356305425.ipv6_cidr_block": "",
                            "route.1356305425.nat_gateway_id": "nat-08323b0f451d96424",
                            "route.1356305425.network_interface_id": "",
                            "route.1356305425.vpc_peering_connection_id": "",
                            "route.2130594059.cidr_block": "10.114.16.0/20",
                            "route.2130594059.egress_only_gateway_id": "",
                            "route.2130594059.gateway_id": "",
                            "route.2130594059.instance_id": "",
                            "route.2130594059.ipv6_cidr_block": "",
                            "route.2130594059.nat_gateway_id": "",
                            "route.2130594059.network_interface_id": "",
                            "route.2130594059.vpc_peering_connection_id": "pcx-3deb3654",
                            "tags.%": "5",
                            "tags.Name": "infra-pipeline-natdc-routetable",
                            "tags.account_name": "jive-infra-pipeline",
                            "tags.pipeline_phase": "infra-pipeline",
                            "tags.region": "eu-central-1",
                            "tags.sla": "non-prod",
                            "vpc_id": "vpc-42c4282a"
                        },
                        "meta": {},
                        "tainted": false
                    },
                    "deposed": [],
                    "provider": ""
                },
                "aws_route_table.natdc.1": {
                    "type": "aws_route_table",
                    "depends_on": [
                        "aws_nat_gateway.natgw",
                        "aws_vpc.main",
                        "aws_vpn_gateway.vgw"
                    ],
                    "primary": {
                        "id": "rtb-92e99bfa",
                        "attributes": {
                            "id": "rtb-92e99bfa",
                            "propagating_vgws.#": "1",
                            "propagating_vgws.2384813394": "vgw-1ee06f2e",
                            "route.#": "1",
                            "route.1356305425.cidr_block": "0.0.0.0/0",
                            "route.1356305425.egress_only_gateway_id": "",
                            "route.1356305425.gateway_id": "",
                            "route.1356305425.instance_id": "",
                            "route.1356305425.ipv6_cidr_block": "",
                            "route.1356305425.nat_gateway_id": "nat-08323b0f451d96424",
                            "route.1356305425.network_interface_id": "",
                            "route.1356305425.vpc_peering_connection_id": "",
                            "tags.%": "5",
                            "tags.Name": "infra-pipeline-natdc-routetable",
                            "tags.account_name": "jive-infra-pipeline",
                            "tags.pipeline_phase": "infra-pipeline",
                            "tags.region": "eu-central-1",
                            "tags.sla": "non-prod",
                            "vpc_id": "vpc-42c4282a"
                        },
                        "meta": {},
                        "tainted": false
                    },
                    "deposed": [],
                    "provider": ""
                },
                "aws_route_table.private": {
                    "type": "aws_route_table",
                    "depends_on": [
                        "aws_vpc.main"
                    ],
                    "primary": {
                        "id": "rtb-ed8b4685",
                        "attributes": {
                            "id": "rtb-ed8b4685",
                            "propagating_vgws.#": "0",
                            "route.#": "1",
                            "route.2130594059.cidr_block": "10.114.16.0/20",
                            "route.2130594059.egress_only_gateway_id": "",
                            "route.2130594059.gateway_id": "",
                            "route.2130594059.instance_id": "",
                            "route.2130594059.ipv6_cidr_block": "",
                            "route.2130594059.nat_gateway_id": "",
                            "route.2130594059.network_interface_id": "",
                            "route.2130594059.vpc_peering_connection_id": "pcx-3deb3654",
                            "tags.%": "5",
                            "tags.Name": "infra-pipeline-private-routetable",
                            "tags.account_name": "jive-infra-pipeline",
                            "tags.pipeline_phase": "infra-pipeline",
                            "tags.region": "eu-central-1",
                            "tags.sla": "non-prod",
                            "vpc_id": "vpc-42c4282a"
                        },
                        "meta": {},
                        "tainted": false
                    },
                    "deposed": [],
                    "provider": ""
                },
                "aws_route_table.public": {
                    "type": "aws_route_table",
                    "depends_on": [
                        "aws_internet_gateway.igw",
                        "aws_vpc.main"
                    ],
                    "primary": {
                        "id": "rtb-e28b468a",
                        "attributes": {
                            "id": "rtb-e28b468a",
                            "propagating_vgws.#": "0",
                            "route.#": "2",
                            "route.2055424345.cidr_block": "0.0.0.0/0",
                            "route.2055424345.egress_only_gateway_id": "",
                            "route.2055424345.gateway_id": "igw-1998e670",
                            "route.2055424345.instance_id": "",
                            "route.2055424345.ipv6_cidr_block": "",
                            "route.2055424345.nat_gateway_id": "",
                            "route.2055424345.network_interface_id": "",
                            "route.2055424345.vpc_peering_connection_id": "",
                            "route.2130594059.cidr_block": "10.114.16.0/20",
                            "route.2130594059.egress_only_gateway_id": "",
                            "route.2130594059.gateway_id": "",
                            "route.2130594059.instance_id": "",
                            "route.2130594059.ipv6_cidr_block": "",
                            "route.2130594059.nat_gateway_id": "",
                            "route.2130594059.network_interface_id": "",
                            "route.2130594059.vpc_peering_connection_id": "pcx-3deb3654",
                            "tags.%": "5",
                            "tags.Name": "infra-pipeline-public-routetable",
                            "tags.account_name": "jive-infra-pipeline",
                            "tags.pipeline_phase": "infra-pipeline",
                            "tags.region": "eu-central-1",
                            "tags.sla": "non-prod",
                            "vpc_id": "vpc-42c4282a"
                        },
                        "meta": {},
                        "tainted": false
                    },
                    "deposed": [],
                    "provider": ""
                },
                "aws_route_table_association.natdc.0": {
                    "type": "aws_route_table_association",
                    "depends_on": [
                        "aws_route_table.natdc",
                        "aws_subnet.natdc"
                    ],
                    "primary": {
                        "id": "rtbassoc-5167fe39",
                        "attributes": {
                            "id": "rtbassoc-5167fe39",
                            "route_table_id": "rtb-bb8b46d3",
                            "subnet_id": "subnet-d55aadaf"
                        },
                        "meta": {},
                        "tainted": false
                    },
                    "deposed": [],
                    "provider": ""
                },
                "aws_route_table_association.natdc.1": {
                    "type": "aws_route_table_association",
                    "depends_on": [
                        "aws_route_table.natdc",
                        "aws_subnet.natdc"
                    ],
                    "primary": {
                        "id": "rtbassoc-53709238",
                        "attributes": {
                            "id": "rtbassoc-53709238",
                            "route_table_id": "rtb-92e99bfa",
                            "subnet_id": "subnet-3c379654"
                        },
                        "meta": {},
                        "tainted": false
                    },
                    "deposed": [],
                    "provider": ""
                },
                "aws_route_table_association.private.0": {
                    "type": "aws_route_table_association",
                    "depends_on": [
                        "aws_route_table.private",
                        "aws_subnet.private"
                    ],
                    "primary": {
                        "id": "rtbassoc-b364fddb",
                        "attributes": {
                            "id": "rtbassoc-b364fddb",
                            "route_table_id": "rtb-ed8b4685",
                            "subnet_id": "subnet-3d379655"
                        },
                        "meta": {},
                        "tainted": false
                    },
                    "deposed": [],
                    "provider": ""
                },
                "aws_route_table_association.private.1": {
                    "type": "aws_route_table_association",
                    "depends_on": [
                        "aws_route_table.private",
                        "aws_subnet.private"
                    ],
                    "primary": {
                        "id": "rtbassoc-b264fdda",
                        "attributes": {
                            "id": "rtbassoc-b264fdda",
                            "route_table_id": "rtb-ed8b4685",
                            "subnet_id": "subnet-c85aadb2"
                        },
                        "meta": {},
                        "tainted": false
                    },
                    "deposed": [],
                    "provider": ""
                },
                "aws_route_table_association.public.0": {
                    "type": "aws_route_table_association",
                    "depends_on": [
                        "aws_route_table.public",
                        "aws_subnet.public"
                    ],
                    "primary": {
                        "id": "rtbassoc-b664fdde",
                        "attributes": {
                            "id": "rtbassoc-b664fdde",
                            "route_table_id": "rtb-e28b468a",
                            "subnet_id": "subnet-3b379653"
                        },
                        "meta": {},
                        "tainted": false
                    },
                    "deposed": [],
                    "provider": ""
                },
                "aws_route_table_association.public.1": {
                    "type": "aws_route_table_association",
                    "depends_on": [
                        "aws_route_table.public",
                        "aws_subnet.public"
                    ],
                    "primary": {
                        "id": "rtbassoc-b764fddf",
                        "attributes": {
                            "id": "rtbassoc-b764fddf",
                            "route_table_id": "rtb-e28b468a",
                            "subnet_id": "subnet-c95aadb3"
                        },
                        "meta": {},
                        "tainted": false
                    },
                    "deposed": [],
                    "provider": ""
                },
                "aws_security_group.env_instance": {
                    "type": "aws_security_group",
                    "depends_on": [
                        "aws_vpc.main"
                    ],
                    "primary": {
                        "id": "sg-32c94059",
                        "attributes": {
                            "description": "Empty SG for all instances within the evironment",
                            "egress.#": "0",
                            "id": "sg-32c94059",
                            "ingress.#": "0",
                            "name": "infra-pipeline-instance",
                            "owner_id": "517449413234",
                            "tags.%": "5",
                            "tags.Name": "infra-pipeline-instance",
                            "tags.account_name": "jive-infra-pipeline",
                            "tags.pipeline_phase": "infra-pipeline",
                            "tags.region": "eu-central-1",
                            "tags.sla": "non-prod",
                            "vpc_id": "vpc-42c4282a"
                        },
                        "meta": {},
                        "tainted": false
                    },
                    "deposed": [],
                    "provider": ""
                },
                "aws_security_group.jive_phx_dc": {
                    "type": "aws_security_group",
                    "depends_on": [
                        "aws_vpc.main"
                    ],
                    "primary": {
                        "id": "sg-23f3804b",
                        "attributes": {
                            "description": "Allow SSH and Ping from CIDRs within Jive PHX Data Center",
                            "egress.#": "1",
                            "egress.482069346.cidr_blocks.#": "1",
                            "egress.482069346.cidr_blocks.0": "0.0.0.0/0",
                            "egress.482069346.from_port": "0",
                            "egress.482069346.ipv6_cidr_blocks.#": "0",
                            "egress.482069346.prefix_list_ids.#": "0",
                            "egress.482069346.protocol": "-1",
                            "egress.482069346.security_groups.#": "0",
                            "egress.482069346.self": "false",
                            "egress.482069346.to_port": "0",
                            "id": "sg-23f3804b",
                            "ingress.#": "2",
                            "ingress.2541437006.cidr_blocks.#": "1",
                            "ingress.2541437006.cidr_blocks.0": "0.0.0.0/0",
                            "ingress.2541437006.from_port": "22",
                            "ingress.2541437006.ipv6_cidr_blocks.#": "0",
                            "ingress.2541437006.protocol": "tcp",
                            "ingress.2541437006.security_groups.#": "0",
                            "ingress.2541437006.self": "false",
                            "ingress.2541437006.to_port": "22",
                            "ingress.3068409405.cidr_blocks.#": "1",
                            "ingress.3068409405.cidr_blocks.0": "0.0.0.0/0",
                            "ingress.3068409405.from_port": "8",
                            "ingress.3068409405.ipv6_cidr_blocks.#": "0",
                            "ingress.3068409405.protocol": "icmp",
                            "ingress.3068409405.security_groups.#": "0",
                            "ingress.3068409405.self": "false",
                            "ingress.3068409405.to_port": "0",
                            "name": "infra-pipeline-jive-phx-dc",
                            "owner_id": "517449413234",
                            "tags.%": "5",
                            "tags.Name": "infra-pipeline-jive-phx-dc",
                            "tags.account_name": "jive-infra-pipeline",
                            "tags.pipeline_phase": "infra-pipeline",
                            "tags.region": "eu-central-1",
                            "tags.sla": "non-prod",
                            "vpc_id": "vpc-42c4282a"
                        },
                        "meta": {},
                        "tainted": false
                    },
                    "deposed": [],
                    "provider": ""
                },
                "aws_subnet.natdc.0": {
                    "type": "aws_subnet",
                    "depends_on": [
                        "aws_vpc.main"
                    ],
                    "primary": {
                        "id": "subnet-3c379654",
                        "attributes": {
                            "assign_ipv6_address_on_creation": "false",
                            "availability_zone": "eu-central-1a",
                            "cidr_block": "10.127.64.0/27",
                            "id": "subnet-3c379654",
                            "map_public_ip_on_launch": "false",
                            "tags.%": "5",
                            "tags.Name": "infra-pipeline-natdc-subnet",
                            "tags.account_name": "jive-infra-pipeline",
                            "tags.pipeline_phase": "infra-pipeline",
                            "tags.region": "eu-central-1",
                            "tags.sla": "non-prod",
                            "vpc_id": "vpc-42c4282a"
                        },
                        "meta": {},
                        "tainted": false
                    },
                    "deposed": [],
                    "provider": ""
                },
                "aws_subnet.natdc.1": {
                    "type": "aws_subnet",
                    "depends_on": [
                        "aws_vpc.main"
                    ],
                    "primary": {
                        "id": "subnet-d55aadaf",
                        "attributes": {
                            "assign_ipv6_address_on_creation": "false",
                            "availability_zone": "eu-central-1b",
                            "cidr_block": "10.127.64.32/27",
                            "id": "subnet-d55aadaf",
                            "map_public_ip_on_launch": "false",
                            "tags.%": "5",
                            "tags.Name": "infra-pipeline-natdc-subnet",
                            "tags.account_name": "jive-infra-pipeline",
                            "tags.pipeline_phase": "infra-pipeline",
                            "tags.region": "eu-central-1",
                            "tags.sla": "non-prod",
                            "vpc_id": "vpc-42c4282a"
                        },
                        "meta": {},
                        "tainted": false
                    },
                    "deposed": [],
                    "provider": ""
                },
                "aws_subnet.private.0": {
                    "type": "aws_subnet",
                    "depends_on": [
                        "aws_vpc.main"
                    ],
                    "primary": {
                        "id": "subnet-3d379655",
                        "attributes": {
                            "assign_ipv6_address_on_creation": "false",
                            "availability_zone": "eu-central-1a",
                            "cidr_block": "10.127.64.192/28",
                            "id": "subnet-3d379655",
                            "map_public_ip_on_launch": "false",
                            "tags.%": "5",
                            "tags.Name": "infra-pipeline-private-subnet",
                            "tags.account_name": "jive-infra-pipeline",
                            "tags.pipeline_phase": "infra-pipeline",
                            "tags.region": "eu-central-1",
                            "tags.sla": "non-prod",
                            "vpc_id": "vpc-42c4282a"
                        },
                        "meta": {},
                        "tainted": false
                    },
                    "deposed": [],
                    "provider": ""
                },
                "aws_subnet.private.1": {
                    "type": "aws_subnet",
                    "depends_on": [
                        "aws_vpc.main"
                    ],
                    "primary": {
                        "id": "subnet-c85aadb2",
                        "attributes": {
                            "assign_ipv6_address_on_creation": "false",
                            "availability_zone": "eu-central-1b",
                            "cidr_block": "10.127.64.208/28",
                            "id": "subnet-c85aadb2",
                            "map_public_ip_on_launch": "false",
                            "tags.%": "5",
                            "tags.Name": "infra-pipeline-private-subnet",
                            "tags.account_name": "jive-infra-pipeline",
                            "tags.pipeline_phase": "infra-pipeline",
                            "tags.region": "eu-central-1",
                            "tags.sla": "non-prod",
                            "vpc_id": "vpc-42c4282a"
                        },
                        "meta": {},
                        "tainted": false
                    },
                    "deposed": [],
                    "provider": ""
                },
                "aws_subnet.public.0": {
                    "type": "aws_subnet",
                    "depends_on": [
                        "aws_vpc.main"
                    ],
                    "primary": {
                        "id": "subnet-3b379653",
                        "attributes": {
                            "assign_ipv6_address_on_creation": "false",
                            "availability_zone": "eu-central-1a",
                            "cidr_block": "10.127.64.96/27",
                            "id": "subnet-3b379653",
                            "map_public_ip_on_launch": "false",
                            "tags.%": "5",
                            "tags.Name": "infra-pipeline-public-subnet",
                            "tags.account_name": "jive-infra-pipeline",
                            "tags.pipeline_phase": "infra-pipeline",
                            "tags.region": "eu-central-1",
                            "tags.sla": "non-prod",
                            "vpc_id": "vpc-42c4282a"
                        },
                        "meta": {},
                        "tainted": false
                    },
                    "deposed": [],
                    "provider": ""
                },
                "aws_subnet.public.1": {
                    "type": "aws_subnet",
                    "depends_on": [
                        "aws_vpc.main"
                    ],
                    "primary": {
                        "id": "subnet-c95aadb3",
                        "attributes": {
                            "assign_ipv6_address_on_creation": "false",
                            "availability_zone": "eu-central-1b",
                            "cidr_block": "10.127.64.128/27",
                            "id": "subnet-c95aadb3",
                            "map_public_ip_on_launch": "false",
                            "tags.%": "5",
                            "tags.Name": "infra-pipeline-public-subnet",
                            "tags.account_name": "jive-infra-pipeline",
                            "tags.pipeline_phase": "infra-pipeline",
                            "tags.region": "eu-central-1",
                            "tags.sla": "non-prod",
                            "vpc_id": "vpc-42c4282a"
                        },
                        "meta": {},
                        "tainted": false
                    },
                    "deposed": [],
                    "provider": ""
                },
                "aws_vpc.main": {
                    "type": "aws_vpc",
                    "depends_on": [],
                    "primary": {
                        "id": "vpc-42c4282a",
                        "attributes": {
                            "assign_generated_ipv6_cidr_block": "false",
                            "cidr_block": "10.127.64.0/24",
                            "default_network_acl_id": "acl-b09f59d8",
                            "default_route_table_id": "rtb-e98b4681",
                            "default_security_group_id": "sg-28f38040",
                            "dhcp_options_id": "dopt-d5384fbc",
                            "enable_dns_hostnames": "true",
                            "enable_dns_support": "true",
                            "id": "vpc-42c4282a",
                            "instance_tenancy": "default",
                            "main_route_table_id": "rtb-e98b4681",
                            "tags.%": "5",
                            "tags.Name": "infra-pipeline-vpc",
                            "tags.account_name": "jive-infra-pipeline",
                            "tags.pipeline_phase": "infra-pipeline",
                            "tags.region": "eu-central-1",
                            "tags.sla": "non-prod"
                        },
                        "meta": {
                            "schema_version": "1"
                        },
                        "tainted": false
                    },
                    "deposed": [],
                    "provider": ""
                },
                "aws_vpn_connection.main": {
                    "type": "aws_vpn_connection",
                    "depends_on": [
                        "aws_customer_gateway.customer_gateway",
                        "aws_vpn_gateway.vgw"
                    ],
                    "primary": {
                        "id": "vpn-37d6315e",
                        "attributes": {
                            "customer_gateway_configuration": "\u003c?xml version=\"1.0\" encoding=\"UTF-8\"?\u003e\n\u003cvpn_connection id=\"vpn-37d6315e\"\u003e\n  \u003ccustomer_gateway_id\u003ecgw-ebfa74db\u003c/customer_gateway_id\u003e\n  \u003cvpn_gateway_id\u003evgw-1ee06f2e\u003c/vpn_gateway_id\u003e\n  \u003cvpn_connection_type\u003eipsec.1\u003c/vpn_connection_type\u003e\n  \u003cipsec_tunnel\u003e\n    \u003ccustomer_gateway\u003e\n      \u003ctunnel_outside_address\u003e\n        \u003cip_address\u003e204.93.80.68\u003c/ip_address\u003e\n      \u003c/tunnel_outside_address\u003e\n      \u003ctunnel_inside_address\u003e\n        \u003cip_address\u003e169.254.41.214\u003c/ip_address\u003e\n        \u003cnetwork_mask\u003e255.255.255.252\u003c/network_mask\u003e\n        \u003cnetwork_cidr\u003e30\u003c/network_cidr\u003e\n      \u003c/tunnel_inside_address\u003e\n      \u003cbgp\u003e\n        \u003casn\u003e13364\u003c/asn\u003e\n        \u003chold_time\u003e30\u003c/hold_time\u003e\n      \u003c/bgp\u003e\n    \u003c/customer_gateway\u003e\n    \u003cvpn_gateway\u003e\n      \u003ctunnel_outside_address\u003e\n        \u003cip_address\u003e35.156.98.246\u003c/ip_address\u003e\n      \u003c/tunnel_outside_address\u003e\n      \u003ctunnel_inside_address\u003e\n        \u003cip_address\u003e169.254.41.213\u003c/ip_address\u003e\n        \u003cnetwork_mask\u003e255.255.255.252\u003c/network_mask\u003e\n        \u003cnetwork_cidr\u003e30\u003c/network_cidr\u003e\n      \u003c/tunnel_inside_address\u003e\n      \u003cbgp\u003e\n        \u003casn\u003e7224\u003c/asn\u003e\n        \u003chold_time\u003e30\u003c/hold_time\u003e\n      \u003c/bgp\u003e\n    \u003c/vpn_gateway\u003e\n    \u003cike\u003e\n      \u003cauthentication_protocol\u003esha1\u003c/authentication_protocol\u003e\n      \u003cencryption_protocol\u003eaes-128-cbc\u003c/encryption_protocol\u003e\n      \u003clifetime\u003e28800\u003c/lifetime\u003e\n      \u003cperfect_forward_secrecy\u003egroup2\u003c/perfect_forward_secrecy\u003e\n      \u003cmode\u003emain\u003c/mode\u003e\n      \u003cpre_shared_key\u003eSFhfC.ArfXRmcZ_YpMne59_dOctoe8JG\u003c/pre_shared_key\u003e\n    \u003c/ike\u003e\n    \u003cipsec\u003e\n      \u003cprotocol\u003eesp\u003c/protocol\u003e\n      \u003cauthentication_protocol\u003ehmac-sha1-96\u003c/authentication_protocol\u003e\n      \u003cencryption_protocol\u003eaes-128-cbc\u003c/encryption_protocol\u003e\n      \u003clifetime\u003e3600\u003c/lifetime\u003e\n      \u003cperfect_forward_secrecy\u003egroup2\u003c/perfect_forward_secrecy\u003e\n      \u003cmode\u003etunnel\u003c/mode\u003e\n      \u003cclear_df_bit\u003etrue\u003c/clear_df_bit\u003e\n      \u003cfragmentation_before_encryption\u003etrue\u003c/fragmentation_before_encryption\u003e\n      \u003ctcp_mss_adjustment\u003e1379\u003c/tcp_mss_adjustment\u003e\n      \u003cdead_peer_detection\u003e\n        \u003cinterval\u003e10\u003c/interval\u003e\n        \u003cretries\u003e3\u003c/retries\u003e\n      \u003c/dead_peer_detection\u003e\n    \u003c/ipsec\u003e\n  \u003c/ipsec_tunnel\u003e\n  \u003cipsec_tunnel\u003e\n    \u003ccustomer_gateway\u003e\n      \u003ctunnel_outside_address\u003e\n        \u003cip_address\u003e204.93.80.68\u003c/ip_address\u003e\n      \u003c/tunnel_outside_address\u003e\n      \u003ctunnel_inside_address\u003e\n        \u003cip_address\u003e169.254.40.234\u003c/ip_address\u003e\n        \u003cnetwork_mask\u003e255.255.255.252\u003c/network_mask\u003e\n        \u003cnetwork_cidr\u003e30\u003c/network_cidr\u003e\n      \u003c/tunnel_inside_address\u003e\n      \u003cbgp\u003e\n        \u003casn\u003e13364\u003c/asn\u003e\n        \u003chold_time\u003e30\u003c/hold_time\u003e\n      \u003c/bgp\u003e\n    \u003c/customer_gateway\u003e\n    \u003cvpn_gateway\u003e\n      \u003ctunnel_outside_address\u003e\n        \u003cip_address\u003e35.157.206.43\u003c/ip_address\u003e\n      \u003c/tunnel_outside_address\u003e\n      \u003ctunnel_inside_address\u003e\n        \u003cip_address\u003e169.254.40.233\u003c/ip_address\u003e\n        \u003cnetwork_mask\u003e255.255.255.252\u003c/network_mask\u003e\n        \u003cnetwork_cidr\u003e30\u003c/network_cidr\u003e\n      \u003c/tunnel_inside_address\u003e\n      \u003cbgp\u003e\n        \u003casn\u003e7224\u003c/asn\u003e\n        \u003chold_time\u003e30\u003c/hold_time\u003e\n      \u003c/bgp\u003e\n    \u003c/vpn_gateway\u003e\n    \u003cike\u003e\n      \u003cauthentication_protocol\u003esha1\u003c/authentication_protocol\u003e\n      \u003cencryption_protocol\u003eaes-128-cbc\u003c/encryption_protocol\u003e\n      \u003clifetime\u003e28800\u003c/lifetime\u003e\n      \u003cperfect_forward_secrecy\u003egroup2\u003c/perfect_forward_secrecy\u003e\n      \u003cmode\u003emain\u003c/mode\u003e\n      \u003cpre_shared_key\u003ey3LqcrP5ucUao1vPp09pwMUARnXxi1p9\u003c/pre_shared_key\u003e\n    \u003c/ike\u003e\n    \u003cipsec\u003e\n      \u003cprotocol\u003eesp\u003c/protocol\u003e\n      \u003cauthentication_protocol\u003ehmac-sha1-96\u003c/authentication_protocol\u003e\n      \u003cencryption_protocol\u003eaes-128-cbc\u003c/encryption_protocol\u003e\n      \u003clifetime\u003e3600\u003c/lifetime\u003e\n      \u003cperfect_forward_secrecy\u003egroup2\u003c/perfect_forward_secrecy\u003e\n      \u003cmode\u003etunnel\u003c/mode\u003e\n      \u003cclear_df_bit\u003etrue\u003c/clear_df_bit\u003e\n      \u003cfragmentation_before_encryption\u003etrue\u003c/fragmentation_before_encryption\u003e\n      \u003ctcp_mss_adjustment\u003e1379\u003c/tcp_mss_adjustment\u003e\n      \u003cdead_peer_detection\u003e\n        \u003cinterval\u003e10\u003c/interval\u003e\n        \u003cretries\u003e3\u003c/retries\u003e\n      \u003c/dead_peer_detection\u003e\n    \u003c/ipsec\u003e\n  \u003c/ipsec_tunnel\u003e\n\u003c/vpn_connection\u003e\n",
                            "customer_gateway_id": "cgw-ebfa74db",
                            "id": "vpn-37d6315e",
                            "routes.#": "0",
                            "static_routes_only": "false",
                            "tags.%": "5",
                            "tags.Name": "infra-pipeline-jive-vpn",
                            "tags.account_name": "jive-infra-pipeline",
                            "tags.pipeline_phase": "infra-pipeline",
                            "tags.region": "eu-central-1",
                            "tags.sla": "non-prod",
                            "tunnel1_address": "35.156.98.246",
                            "tunnel1_preshared_key": "SFhfC.ArfXRmcZ_YpMne59_dOctoe8JG",
                            "tunnel2_address": "35.157.206.43",
                            "tunnel2_preshared_key": "y3LqcrP5ucUao1vPp09pwMUARnXxi1p9",
                            "type": "ipsec.1",
                            "vgw_telemetry.#": "2",
                            "vgw_telemetry.3943963737.accepted_route_count": "0",
                            "vgw_telemetry.3943963737.last_status_change": "2017-05-10 17:40:03 +0000 UTC",
                            "vgw_telemetry.3943963737.outside_ip_address": "35.157.206.43",
                            "vgw_telemetry.3943963737.status": "DOWN",
                            "vgw_telemetry.3943963737.status_message": "IPSEC IS DOWN",
                            "vgw_telemetry.622010028.accepted_route_count": "0",
                            "vgw_telemetry.622010028.last_status_change": "2017-05-10 17:39:50 +0000 UTC",
                            "vgw_telemetry.622010028.outside_ip_address": "35.156.98.246",
                            "vgw_telemetry.622010028.status": "DOWN",
                            "vgw_telemetry.622010028.status_message": "IPSEC IS DOWN",
                            "vpn_gateway_id": "vgw-1ee06f2e"
                        },
                        "meta": {},
                        "tainted": false
                    },
                    "deposed": [],
                    "provider": ""
                },
                "aws_vpn_gateway.vgw": {
                    "type": "aws_vpn_gateway",
                    "depends_on": [
                        "aws_vpc.main"
                    ],
                    "primary": {
                        "id": "vgw-1ee06f2e",
                        "attributes": {
                            "availability_zone": "",
                            "id": "vgw-1ee06f2e",
                            "tags.%": "7",
                            "tags.Name": "infra-pipeline-vgw",
                            "tags.account_name": "jive-infra-pipeline",
                            "tags.jive_service": "infrastructure",
                            "tags.pipeline_phase": "infra-pipeline",
                            "tags.region": "eu-central-1",
                            "tags.service_component": "vpn_gateway",
                            "tags.sla": "non-prod",
                            "vpc_id": "vpc-42c4282a"
                        },
                        "meta": {},
                        "tainted": false
                    },
                    "deposed": [],
                    "provider": ""
                },
                "data.template_file.bastion_user_data": {
                    "type": "template_file",
                    "depends_on": [
                        "aws_network_interface.bastion"
                    ],
                    "primary": {
                        "id": "07b0d1725515bc248dee4450742bb11eb31323b2976d1d4e42374b777af87f93",
                        "attributes": {
                            "id": "07b0d1725515bc248dee4450742bb11eb31323b2976d1d4e42374b777af87f93",
                            "rendered": "#!/bin/bash\n\ndeclare -r instance_id=$(curl -s http://169.254.169.254/latest/meta-data/instance-id)\ndeclare -r bi=10.127.64.7\ndeclare -r bastion_gw=\"${bi%.*}.1\"\n\nfunction_prep() {\n    # Get pip for awscli\n    yum install -y epel-release\n    yum install -y python-pip\n    pip install awscli\n}\n\nfunction_eni() {\n    # Attached the ENI to the Bastion instance\n    /usr/bin/aws ec2 attach-network-interface   --region eu-central-1 \\\n                                                --network-interface-id eni-e5498888 \\\n                                                --instance-id $instance_id \\\n                                                --device-index 1\n\n    # Give the ENI some time to get an IP and attach correctly\n    sleep 30\n}\n\nfunction_network() {\n    # Make eth1 the default route, set eth0 off, and set eth1 on, then restart the network\n    cat \u003c\u003cEOF \u003e /etc/sysconfig/network\nNETWORKING=yes\nNOZEROCONF=yes\nGATEWAY=$bastion_gw\nGATEWAYDEV=eth1\nEOF\n\n    cat \u003c\u003cEOF \u003e /etc/sysconfig/network-scripts/ifcfg-eth0\nDEVICE=\"eth0\"\nONBOOT=\"no\"\nEOF\n\n    cat \u003c\u003cEOF \u003e /etc/sysconfig/network-scripts/ifcfg-eth1\nDEVICE=eth1\nBOOTPROTO=static\nDHCPCLASS=\nIPADDR=10.127.64.7\nNETMASK=255.255.255.224\nONBOOT=yes\nEOF\n\n    systemctl restart network\n}\n\nfunction_nexus() {\n    # URL redirect fails without this entry\n    echo \"10.10.100.155 nexus-int.eng.jiveland.com\" \u003e\u003e /etc/hosts\n\n    # Script to download Ansible artifact from Nexus\n    cat \u003c\u003c'EOF' \u003e /tmp/get_nexus_artifact.sh\n#!/bin/bash\n# Argument = -h -v -i groupId:artifactId:version -c classifier -p packaging -r repository\n\n# Define Nexus Configuration\nNEXUS_BASE=nexus-int.eng.jiveland.com\nREST_PATH=/service/local\nART_REDIR=/artifact/maven/redirect\n\n# Read in Complete Set of Coordinates from the Command Line\nGROUP_ID=\nARTIFACT_ID=\nVERSION=\"LATEST\"\nCLASSIFIER=\"\"\nPACKAGING=tar.gz\nREPO=\"candidates\"\nVERBOSE=0\n\nwhile getopts \"hvi:c:p:\" OPTION\ndo\n     case $OPTION in\n         h)\n             usage\n             exit 1\n             ;;\n         i)\n\t     OIFS=$IFS\n             IFS=\":\"\n\t     GAV_COORD=( $OPTARG )\n\t     GROUP_ID=${GAV_COORD[0]}\n             ARTIFACT_ID=${GAV_COORD[1]}\n             VERSION=${GAV_COORD[2]}\n\t     IFS=$OIFS\n             ;;\n         c)\n             CLASSIFIER=$OPTARG\n             ;;\n         p)\n             PACKAGING=$OPTARG\n             ;;\n         v)\n             VERBOSE=1\n             ;;\n         ?)\n             usage\n             exit\n             ;;\n     esac\ndone\n\nif [[ -z $GROUP_ID ]] || [[ -z $ARTIFACT_ID ]] || [[ -z $VERSION ]]\nthen\n     echo \"BAD ARGUMENTS: Either groupId, artifactId, or version was not supplied\" \u003e\u00262\n     usage\n     exit 1\nfi\n\n# Construct the base URL\nREDIRECT_URL=${NEXUS_BASE}${REST_PATH}${ART_REDIR}\n\n# Generate the list of parameters\nPARAM_KEYS=( g a v r p c )\nPARAM_VALUES=( $GROUP_ID $ARTIFACT_ID $VERSION $REPO $PACKAGING $CLASSIFIER )\nPARAMS=\"\"\nfor index in ${!PARAM_KEYS[*]}\ndo\n  if [[ ${PARAM_VALUES[$index]} != \"\" ]]\n  then\n    PARAMS=\"${PARAMS}${PARAM_KEYS[$index]}=${PARAM_VALUES[$index]}\u0026\"\n  fi\ndone\n\nREDIRECT_URL=\"${REDIRECT_URL}?${PARAMS}\"\n\necho \"Fetching Artifact from $REDIRECT_URL...\" \u003e\u00262\ncurl -sS -L ${REDIRECT_URL}\nEOF\n    # Run script to download latest Ansible artifact and unpack\n    chmod +x /tmp/get_nexus_artifact.sh\n    /tmp/get_nexus_artifact.sh -i com.jivesoftware.techops:ansible-common:LATEST \u003e /tmp/ansible-common.tar.gz\n}\n\nfunction_ansible() {\n    # Need Sudo TTY\n    sed -i s/'Defaults    requiretty'/'#Defaults    requiretty'/ /etc/sudoers\n    # Disable SELINUX for SSSD\n    sed -i 's/^SELINUX=.*/SELINUX=disabled/' /etc/selinux/config\n    # Create Ansible working directories\n    mkdir -p /tmp/ansible-common\n    tar xf /tmp/ansible-common.tar.gz -C /tmp/ansible-common/\n    # Set Python to 2.6 and run Ansible locally\n    alternatives --set python /usr/bin/python2.6\n    yum install -y python-boto ansible\n\n    # Run Ansible\n    /tmp/ansible-common/bin/run_ansible.sh /tmp/ansible-common/playbook-bastion.yml -e region=eu-central-1 --connection=local -i /tmp/ansible-common/inventory_ec2/ \u003e\u003e /tmp/ansible-common/ansible_debug.log\n\n    # Change permissions on Ansible artifact so that ansible deploy pipeline\n    # can overwrite them in the future\n    chown -R ansible:service-users /tmp/ansible-common /tmp/ansible-common.tar.gz\n}\n\nfunction_restart() {\n    # Need to restart for SELINUX change.\n    shutdown -r now\n}\n\n# Run the things\nfunction_prep\nfunction_eni\nfunction_network\nfunction_nexus\nfunction_ansible\nfunction_restart\n",
                            "template": "#!/bin/bash\n\ndeclare -r instance_id=$(curl -s http://169.254.169.254/latest/meta-data/instance-id)\ndeclare -r bi=${bastion_ip}\ndeclare -r bastion_gw=\"$${bi%.*}.1\"\n\nfunction_prep() {\n    # Get pip for awscli\n    yum install -y epel-release\n    yum install -y python-pip\n    pip install awscli\n}\n\nfunction_eni() {\n    # Attached the ENI to the Bastion instance\n    /usr/bin/aws ec2 attach-network-interface   --region ${region} \\\n                                                --network-interface-id ${eni} \\\n                                                --instance-id $instance_id \\\n                                                --device-index 1\n\n    # Give the ENI some time to get an IP and attach correctly\n    sleep 30\n}\n\nfunction_network() {\n    # Make eth1 the default route, set eth0 off, and set eth1 on, then restart the network\n    cat \u003c\u003cEOF \u003e /etc/sysconfig/network\nNETWORKING=yes\nNOZEROCONF=yes\nGATEWAY=$bastion_gw\nGATEWAYDEV=eth1\nEOF\n\n    cat \u003c\u003cEOF \u003e /etc/sysconfig/network-scripts/ifcfg-eth0\nDEVICE=\"eth0\"\nONBOOT=\"no\"\nEOF\n\n    cat \u003c\u003cEOF \u003e /etc/sysconfig/network-scripts/ifcfg-eth1\nDEVICE=eth1\nBOOTPROTO=static\nDHCPCLASS=\nIPADDR=${bastion_ip}\nNETMASK=255.255.255.224\nONBOOT=yes\nEOF\n\n    systemctl restart network\n}\n\nfunction_nexus() {\n    # URL redirect fails without this entry\n    echo \"10.10.100.155 nexus-int.eng.jiveland.com\" \u003e\u003e /etc/hosts\n\n    # Script to download Ansible artifact from Nexus\n    cat \u003c\u003c'EOF' \u003e /tmp/get_nexus_artifact.sh\n#!/bin/bash\n# Argument = -h -v -i groupId:artifactId:version -c classifier -p packaging -r repository\n\n# Define Nexus Configuration\nNEXUS_BASE=nexus-int.eng.jiveland.com\nREST_PATH=/service/local\nART_REDIR=/artifact/maven/redirect\n\n# Read in Complete Set of Coordinates from the Command Line\nGROUP_ID=\nARTIFACT_ID=\nVERSION=\"LATEST\"\nCLASSIFIER=\"\"\nPACKAGING=tar.gz\nREPO=\"candidates\"\nVERBOSE=0\n\nwhile getopts \"hvi:c:p:\" OPTION\ndo\n     case $OPTION in\n         h)\n             usage\n             exit 1\n             ;;\n         i)\n\t     OIFS=$IFS\n             IFS=\":\"\n\t     GAV_COORD=( $OPTARG )\n\t     GROUP_ID=$${GAV_COORD[0]}\n             ARTIFACT_ID=$${GAV_COORD[1]}\n             VERSION=$${GAV_COORD[2]}\n\t     IFS=$OIFS\n             ;;\n         c)\n             CLASSIFIER=$OPTARG\n             ;;\n         p)\n             PACKAGING=$OPTARG\n             ;;\n         v)\n             VERBOSE=1\n             ;;\n         ?)\n             usage\n             exit\n             ;;\n     esac\ndone\n\nif [[ -z $GROUP_ID ]] || [[ -z $ARTIFACT_ID ]] || [[ -z $VERSION ]]\nthen\n     echo \"BAD ARGUMENTS: Either groupId, artifactId, or version was not supplied\" \u003e\u00262\n     usage\n     exit 1\nfi\n\n# Construct the base URL\nREDIRECT_URL=$${NEXUS_BASE}$${REST_PATH}$${ART_REDIR}\n\n# Generate the list of parameters\nPARAM_KEYS=( g a v r p c )\nPARAM_VALUES=( $GROUP_ID $ARTIFACT_ID $VERSION $REPO $PACKAGING $CLASSIFIER )\nPARAMS=\"\"\nfor index in $${!PARAM_KEYS[*]}\ndo\n  if [[ $${PARAM_VALUES[$index]} != \"\" ]]\n  then\n    PARAMS=\"$${PARAMS}$${PARAM_KEYS[$index]}=$${PARAM_VALUES[$index]}\u0026\"\n  fi\ndone\n\nREDIRECT_URL=\"$${REDIRECT_URL}?$${PARAMS}\"\n\necho \"Fetching Artifact from $REDIRECT_URL...\" \u003e\u00262\ncurl -sS -L $${REDIRECT_URL}\nEOF\n    # Run script to download latest Ansible artifact and unpack\n    chmod +x /tmp/get_nexus_artifact.sh\n    /tmp/get_nexus_artifact.sh -i com.jivesoftware.techops:ansible-common:LATEST \u003e /tmp/ansible-common.tar.gz\n}\n\nfunction_ansible() {\n    # Need Sudo TTY\n    sed -i s/'Defaults    requiretty'/'#Defaults    requiretty'/ /etc/sudoers\n    # Disable SELINUX for SSSD\n    sed -i 's/^SELINUX=.*/SELINUX=disabled/' /etc/selinux/config\n    # Create Ansible working directories\n    mkdir -p /tmp/ansible-common\n    tar xf /tmp/ansible-common.tar.gz -C /tmp/ansible-common/\n    # Set Python to 2.6 and run Ansible locally\n    alternatives --set python /usr/bin/python2.6\n    yum install -y python-boto ansible\n\n    # Run Ansible\n    /tmp/ansible-common/bin/run_ansible.sh /tmp/ansible-common/playbook-bastion.yml -e region=${region} --connection=local -i /tmp/ansible-common/inventory_ec2/ \u003e\u003e /tmp/ansible-common/ansible_debug.log\n\n    # Change permissions on Ansible artifact so that ansible deploy pipeline\n    # can overwrite them in the future\n    chown -R ansible:service-users /tmp/ansible-common /tmp/ansible-common.tar.gz\n}\n\nfunction_restart() {\n    # Need to restart for SELINUX change.\n    shutdown -r now\n}\n\n# Run the things\nfunction_prep\nfunction_eni\nfunction_network\nfunction_nexus\nfunction_ansible\nfunction_restart\n",
                            "vars.%": "5",
                            "vars.account_name": "jive-infra-pipeline",
                            "vars.bastion_ip": "10.127.64.7",
                            "vars.eni": "eni-e5498888",
                            "vars.pipeline_phase": "infra-pipeline",
                            "vars.region": "eu-central-1"
                        },
                        "meta": {},
                        "tainted": false
                    },
                    "deposed": [],
                    "provider": ""
                }
            },
            "depends_on": []
        }
    ]
}
