{
    "version": 3,
    "terraform_version": "0.9.2",
    "serial": 5,
    "lineage": "177bb11e-2342-4ad3-a43c-bb53c89c8a83",
    "modules": [
        {
            "path": [
                "root"
            ],
            "outputs": {},
            "resources": {
                "aws_cloudtrail.cloudtrail-configuration": {
                    "type": "aws_cloudtrail",
                    "depends_on": [
                        "aws_cloudwatch_log_group.cloudtrail_logs",
                        "aws_iam_role.cloudtrail_cloudwatch",
                        "aws_s3_bucket.cloudtrail"
                    ],
                    "primary": {
                        "id": "jive-partnercollaboration-prod-cloudtrail",
                        "attributes": {
                            "arn": "arn:aws:cloudtrail:us-west-2:803429703521:trail/jive-partnercollaboration-prod-cloudtrail",
                            "cloud_watch_logs_group_arn": "arn:aws:logs:us-west-2:803429703521:log-group:cloudtrail/logs:*",
                            "cloud_watch_logs_role_arn": "arn:aws:iam::803429703521:role/cloudtrail_cloudwatch",
                            "enable_log_file_validation": "false",
                            "enable_logging": "true",
                            "home_region": "us-west-2",
                            "id": "jive-partnercollaboration-prod-cloudtrail",
                            "include_global_service_events": "true",
                            "is_multi_region_trail": "true",
                            "kms_key_id": "",
                            "name": "jive-partnercollaboration-prod-cloudtrail",
                            "s3_bucket_name": "jive-cloudtrail-jive-partnercollaboration-prod-usw2",
                            "s3_key_prefix": "",
                            "sns_topic_name": "",
                            "tags.%": "2",
                            "tags.jive_service": "infrastructure",
                            "tags.service_component": "cloudtrail"
                        },
                        "meta": {},
                        "tainted": false
                    },
                    "deposed": [],
                    "provider": ""
                },
                "aws_cloudwatch_log_group.cloudtrail_logs": {
                    "type": "aws_cloudwatch_log_group",
                    "depends_on": [],
                    "primary": {
                        "id": "cloudtrail/logs",
                        "attributes": {
                            "arn": "arn:aws:logs:us-west-2:803429703521:log-group:cloudtrail/logs:*",
                            "id": "cloudtrail/logs",
                            "name": "cloudtrail/logs",
                            "retention_in_days": "0",
                            "tags.%": "0"
                        },
                        "meta": {},
                        "tainted": false
                    },
                    "deposed": [],
                    "provider": ""
                },
                "aws_cloudwatch_log_metric_filter.api_requests_all": {
                    "type": "aws_cloudwatch_log_metric_filter",
                    "depends_on": [
                        "aws_cloudwatch_log_group.cloudtrail_logs"
                    ],
                    "primary": {
                        "id": "api_requests_all",
                        "attributes": {
                            "id": "api_requests_all",
                            "log_group_name": "cloudtrail/logs",
                            "metric_transformation.#": "1",
                            "metric_transformation.0.name": "all",
                            "metric_transformation.0.namespace": "aws.cloudtrail.api_requests",
                            "metric_transformation.0.value": "1",
                            "name": "api_requests_all",
                            "pattern": ""
                        },
                        "meta": {},
                        "tainted": false
                    },
                    "deposed": [],
                    "provider": ""
                },
                "aws_cloudwatch_log_metric_filter.api_requests_ec2": {
                    "type": "aws_cloudwatch_log_metric_filter",
                    "depends_on": [
                        "aws_cloudwatch_log_group.cloudtrail_logs"
                    ],
                    "primary": {
                        "id": "api_requests_ec2",
                        "attributes": {
                            "id": "api_requests_ec2",
                            "log_group_name": "cloudtrail/logs",
                            "metric_transformation.#": "1",
                            "metric_transformation.0.name": "ec2",
                            "metric_transformation.0.namespace": "aws.cloudtrail.api_requests",
                            "metric_transformation.0.value": "1",
                            "name": "api_requests_ec2",
                            "pattern": "{$.eventSource = ec2.amazonaws.com}"
                        },
                        "meta": {},
                        "tainted": false
                    },
                    "deposed": [],
                    "provider": ""
                },
                "aws_cloudwatch_log_metric_filter.api_requests_elb": {
                    "type": "aws_cloudwatch_log_metric_filter",
                    "depends_on": [
                        "aws_cloudwatch_log_group.cloudtrail_logs"
                    ],
                    "primary": {
                        "id": "api_requests_elb",
                        "attributes": {
                            "id": "api_requests_elb",
                            "log_group_name": "cloudtrail/logs",
                            "metric_transformation.#": "1",
                            "metric_transformation.0.name": "elb",
                            "metric_transformation.0.namespace": "aws.cloudtrail.api_requests",
                            "metric_transformation.0.value": "1",
                            "name": "api_requests_elb",
                            "pattern": "{$.eventSource = elasticloadbalancing.amazonaws.com}"
                        },
                        "meta": {},
                        "tainted": false
                    },
                    "deposed": [],
                    "provider": ""
                },
                "aws_cloudwatch_log_metric_filter.api_requests_route53": {
                    "type": "aws_cloudwatch_log_metric_filter",
                    "depends_on": [
                        "aws_cloudwatch_log_group.cloudtrail_logs"
                    ],
                    "primary": {
                        "id": "api_requests_route53",
                        "attributes": {
                            "id": "api_requests_route53",
                            "log_group_name": "cloudtrail/logs",
                            "metric_transformation.#": "1",
                            "metric_transformation.0.name": "route53",
                            "metric_transformation.0.namespace": "aws.cloudtrail.api_requests",
                            "metric_transformation.0.value": "1",
                            "name": "api_requests_route53",
                            "pattern": "{$.eventSource = route53.amazonaws.com}"
                        },
                        "meta": {},
                        "tainted": false
                    },
                    "deposed": [],
                    "provider": ""
                },
                "aws_iam_account_password_policy.strict": {
                    "type": "aws_iam_account_password_policy",
                    "depends_on": [],
                    "primary": {
                        "id": "iam-account-password-policy",
                        "attributes": {
                            "allow_users_to_change_password": "true",
                            "expire_passwords": "true",
                            "hard_expiry": "false",
                            "id": "iam-account-password-policy",
                            "max_password_age": "90",
                            "minimum_password_length": "8",
                            "password_reuse_prevention": "10",
                            "require_lowercase_characters": "true",
                            "require_numbers": "true",
                            "require_symbols": "false",
                            "require_uppercase_characters": "true"
                        },
                        "meta": {},
                        "tainted": false
                    },
                    "deposed": [],
                    "provider": ""
                },
                "aws_iam_instance_profile.ansible": {
                    "type": "aws_iam_instance_profile",
                    "depends_on": [
                        "aws_iam_role.ansible"
                    ],
                    "primary": {
                        "id": "ansible-profile",
                        "attributes": {
                            "arn": "arn:aws:iam::803429703521:instance-profile/ansible-profile",
                            "id": "ansible-profile",
                            "name": "ansible-profile",
                            "path": "/",
                            "roles.#": "1",
                            "roles.4003722031": "ansible-role",
                            "unique_id": "AIPAIZGYJUICECFTZW2BY"
                        },
                        "meta": {},
                        "tainted": false
                    },
                    "deposed": [],
                    "provider": ""
                },
                "aws_iam_instance_profile.eni-attach": {
                    "type": "aws_iam_instance_profile",
                    "depends_on": [
                        "aws_iam_role.eni-attach"
                    ],
                    "primary": {
                        "id": "eni-attach-profile",
                        "attributes": {
                            "arn": "arn:aws:iam::803429703521:instance-profile/eni-attach-profile",
                            "id": "eni-attach-profile",
                            "name": "eni-attach-profile",
                            "path": "/",
                            "roles.#": "1",
                            "roles.547820524": "eni-attach-role",
                            "unique_id": "AIPAILIDFUCSCJPVQT7EI"
                        },
                        "meta": {},
                        "tainted": false
                    },
                    "deposed": [],
                    "provider": ""
                },
                "aws_iam_policy.cloudability_billing": {
                    "type": "aws_iam_policy",
                    "depends_on": [],
                    "primary": {
                        "id": "arn:aws:iam::803429703521:policy/cloudability-billing",
                        "attributes": {
                            "arn": "arn:aws:iam::803429703521:policy/cloudability-billing",
                            "description": "Cloudability Billing policy to allow collection of billing data",
                            "id": "arn:aws:iam::803429703521:policy/cloudability-billing",
                            "name": "cloudability-billing",
                            "path": "/",
                            "policy": "{\n \"Version\": \"2012-10-17\",\n \"Statement\": [{\n   \"Effect\": \"Allow\",\n   \"Action\": [\n     \"ec2:DescribeInstances\",\n     \"ec2:DescribeImages\",\n     \"ec2:DescribeReservedInstances\",\n     \"ec2:DescribeReservedInstancesModifications\",\n     \"ec2:DescribeVolumes\",\n     \"ec2:DescribeSnapshots\",\n     \"cloudwatch:GetMetricStatistics\",\n     \"elasticache:DescribeReservedCacheNodes\",\n     \"elasticache:ListTagsForResource\",\n     \"rds:DescribeReservedDBInstances\",\n     \"rds:ListTagsForResource\",\n     \"redshift:DescribeReservedNodes\",\n     \"redshift:DescribeTags\"\n   ],\n   \"Resource\": \"*\"\n  }\n ]\n}\n"
                        },
                        "meta": {},
                        "tainted": false
                    },
                    "deposed": [],
                    "provider": ""
                },
                "aws_iam_policy.cloudhealth_ro": {
                    "type": "aws_iam_policy",
                    "depends_on": [],
                    "primary": {
                        "id": "arn:aws:iam::803429703521:policy/cloudhealth_ro",
                        "attributes": {
                            "arn": "arn:aws:iam::803429703521:policy/cloudhealth_ro",
                            "id": "arn:aws:iam::803429703521:policy/cloudhealth_ro",
                            "name": "cloudhealth_ro",
                            "path": "/",
                            "policy": "{\n  \"Version\": \"2012-10-17\",\n  \"Statement\": [\n    {\n      \"Effect\": \"Allow\",\n      \"Action\": [\n        \"aws-portal:ViewBilling\",\n        \"aws-portal:ViewUsage\",\n        \"autoscaling:Describe*\",\n        \"cloudformation:ListStacks\",\n        \"cloudformation:ListStackResources\",\n        \"cloudformation:DescribeStacks\",\n        \"cloudformation:DescribeStackEvents\",\n        \"cloudformation:DescribeStackResources\",\n        \"cloudformation:GetTemplate\",\n        \"cloudfront:Get*\",\n        \"cloudfront:List*\",\n        \"cloudwatch:Describe*\",\n        \"cloudwatch:Get*\",\n        \"cloudwatch:List*\",\n        \"dynamodb:DescribeTable\",\n        \"dynamodb:List*\",\n        \"ec2:Describe*\",\n        \"elasticache:Describe*\",\n        \"elasticache:ListTagsForResource\",\n        \"elasticbeanstalk:Check*\",\n        \"elasticbeanstalk:Describe*\",\n        \"elasticbeanstalk:List*\",\n        \"elasticbeanstalk:RequestEnvironmentInfo\",\n        \"elasticbeanstalk:RetrieveEnvironmentInfo\",\n        \"elasticloadbalancing:Describe*\",\n        \"elasticmapreduce:Describe*\",\n        \"elasticmapreduce:List*\",\n        \"iam:List*\",\n        \"iam:Get*\",\n        \"iam:GenerateCredentialReport\",\n        \"lambda:List*\",\n        \"redshift:Describe*\",\n        \"route53:Get*\",\n        \"route53:List*\",\n        \"rds:Describe*\",\n        \"rds:ListTagsForResource\",\n        \"s3:List*\",\n        \"s3:GetBucketTagging\",\n        \"s3:GetBucketLocation\",\n        \"s3:GetBucketLogging\",\n        \"s3:GetBucketVersioning\",\n        \"s3:GetBucketWebsite\",\n        \"sdb:GetAttributes\",\n        \"sdb:List*\",\n        \"ses:Get*\",\n        \"ses:List*\",\n        \"sns:Get*\",\n        \"sns:List*\",\n        \"sqs:GetQueueAttributes\",\n        \"sqs:ListQueues\",\n        \"storagegateway:List*\",\n        \"storagegateway:Describe*\",\n        \"config:Get*\",\n        \"config:Describe*\",\n        \"config:Deliver*\",\n        \"config:List*\"\n      ],\n      \"Resource\": \"*\"\n    }\n  ]\n}\n"
                        },
                        "meta": {},
                        "tainted": false
                    },
                    "deposed": [],
                    "provider": ""
                },
                "aws_iam_policy.okta-administrator": {
                    "type": "aws_iam_policy",
                    "depends_on": [],
                    "primary": {
                        "id": "arn:aws:iam::803429703521:policy/okta-administrator",
                        "attributes": {
                            "arn": "arn:aws:iam::803429703521:policy/okta-administrator",
                            "id": "arn:aws:iam::803429703521:policy/okta-administrator",
                            "name": "okta-administrator",
                            "path": "/",
                            "policy": "{\n  \"Version\": \"2012-10-17\",\n  \"Statement\": [\n    {\n      \"Effect\": \"Allow\",\n      \"Action\": \"*\",\n      \"Resource\": \"*\"\n    }\n  ]\n}\n"
                        },
                        "meta": {},
                        "tainted": false
                    },
                    "deposed": [],
                    "provider": ""
                },
                "aws_iam_policy.okta-poweruser": {
                    "type": "aws_iam_policy",
                    "depends_on": [],
                    "primary": {
                        "id": "arn:aws:iam::803429703521:policy/okta-poweruser",
                        "attributes": {
                            "arn": "arn:aws:iam::803429703521:policy/okta-poweruser",
                            "id": "arn:aws:iam::803429703521:policy/okta-poweruser",
                            "name": "okta-poweruser",
                            "path": "/",
                            "policy": "{\n    \"Version\": \"2012-10-17\",\n    \"Statement\": [\n        {\n            \"Effect\": \"Allow\",\n            \"NotAction\": [\n              \"iam:*\",\n              \"kms:*\",\n              \"s3:Get*\"\n            ],\n            \"Resource\": \"*\"\n        },\n        {\n            \"Effect\": \"Deny\",\n            \"Action\": \"s3:*\",\n            \"Resource\": [\n                \"arn:aws:s3:::*etcd*\",\n                \"arn:aws:s3:::*etcd*/*\",\n                \"arn:aws:s3:::*lemur*\",\n                \"arn:aws:s3:::*lemur*/*\",\n                \"arn:aws:s3:::*master*\",\n                \"arn:aws:s3:::*master*/*\",\n                \"arn:aws:s3:::*node*\",\n                \"arn:aws:s3:::*node*/*\"\n            ]\n        }\n    ]\n}"
                        },
                        "meta": {},
                        "tainted": false
                    },
                    "deposed": [],
                    "provider": ""
                },
                "aws_iam_policy.okta-readonly": {
                    "type": "aws_iam_policy",
                    "depends_on": [],
                    "primary": {
                        "id": "arn:aws:iam::803429703521:policy/okta-readonly",
                        "attributes": {
                            "arn": "arn:aws:iam::803429703521:policy/okta-readonly",
                            "id": "arn:aws:iam::803429703521:policy/okta-readonly",
                            "name": "okta-readonly",
                            "path": "/",
                            "policy": "{\n    \"Version\": \"2012-10-17\",\n    \"Statement\": [\n        {\n            \"Effect\": \"Allow\",\n            \"Action\": [\n              \"acm:DescribeCertificate\",\n              \"acm:GetCertificate\",\n              \"acm:ListCertificates\",\n              \"appstream:Get*\",\n              \"autoscaling:Describe*\",\n              \"cloudformation:DescribeStackEvents\",\n              \"cloudformation:DescribeStackResource\",\n              \"cloudformation:DescribeStackResources\",\n              \"cloudformation:DescribeStacks\",\n              \"cloudformation:GetTemplate\",\n              \"cloudformation:List*\",\n              \"cloudfront:Get*\",\n              \"cloudfront:List*\",\n              \"cloudsearch:Describe*\",\n              \"cloudsearch:List*\",\n              \"cloudtrail:DescribeTrails\",\n              \"cloudtrail:GetTrailStatus\",\n              \"cloudwatch:Describe*\",\n              \"cloudwatch:Get*\",\n              \"cloudwatch:List*\",\n              \"codecommit:BatchGetRepositories\",\n              \"codecommit:Get*\",\n              \"codecommit:GitPull\",\n              \"codecommit:List*\",\n              \"codedeploy:Batch*\",\n              \"codedeploy:Get*\",\n              \"codedeploy:List*\",\n              \"config:Deliver*\",\n              \"config:Describe*\",\n              \"config:Get*\",\n              \"datapipeline:DescribeObjects\",\n              \"datapipeline:DescribePipelines\",\n              \"datapipeline:EvaluateExpression\",\n              \"datapipeline:GetPipelineDefinition\",\n              \"datapipeline:ListPipelines\",\n              \"datapipeline:QueryObjects\",\n              \"datapipeline:ValidatePipelineDefinition\",\n              \"directconnect:Describe*\",\n              \"ds:Check*\",\n              \"ds:Describe*\",\n              \"ds:Get*\",\n              \"ds:List*\",\n              \"ds:Verify*\",\n              \"dynamodb:BatchGetItem\",\n              \"dynamodb:DescribeTable\",\n              \"dynamodb:GetItem\",\n              \"dynamodb:ListTables\",\n              \"dynamodb:Query\",\n              \"dynamodb:Scan\",\n              \"ec2:Describe*\",\n              \"ec2:GetConsoleOutput\",\n              \"ecr:GetAuthorizationToken\",\n              \"ecr:BatchCheckLayerAvailability\",\n              \"ecr:GetDownloadUrlForLayer\",\n              \"ecr:GetManifest\",\n              \"ecr:DescribeRepositories\",\n              \"ecr:ListImages\",\n              \"ecr:BatchGetImage\",\n              \"ecs:Describe*\",\n              \"ecs:List*\",\n              \"elasticache:Describe*\",\n              \"elasticache:List*\",\n              \"elasticbeanstalk:Check*\",\n              \"elasticbeanstalk:Describe*\",\n              \"elasticbeanstalk:List*\",\n              \"elasticbeanstalk:RequestEnvironmentInfo\",\n              \"elasticbeanstalk:RetrieveEnvironmentInfo\",\n              \"elasticloadbalancing:Describe*\",\n              \"elasticmapreduce:Describe*\",\n              \"elasticmapreduce:List*\",\n              \"elastictranscoder:List*\",\n              \"elastictranscoder:Read*\",\n              \"es:DescribeElasticsearchDomain\",\n              \"es:DescribeElasticsearchDomains\",\n              \"es:DescribeElasticsearchDomainConfig\",\n              \"es:ListDomainNames\",\n              \"es:ListTags\",\n              \"es:ESHttpGet\",\n              \"es:ESHttpHead\",\n              \"events:DescribeRule\",\n              \"events:ListRuleNamesByTarget\",\n              \"events:ListRules\",\n              \"events:ListTargetsByRule\",\n              \"events:TestEventPattern\",\n              \"firehose:Describe*\",\n              \"firehose:List*\",\n              \"glacier:ListVaults\",\n              \"glacier:DescribeVault\",\n              \"glacier:GetDataRetrievalPolicy\",\n              \"glacier:GetVaultAccessPolicy\",\n              \"glacier:GetVaultLock\",\n              \"glacier:GetVaultNotifications\",\n              \"glacier:ListJobs\",\n              \"glacier:ListMultipartUploads\",\n              \"glacier:ListParts\",\n              \"glacier:ListTagsForVault\",\n              \"glacier:DescribeJob\",\n              \"glacier:GetJobOutput\",\n              \"inspector:Describe*\",\n              \"inspector:Get*\",\n              \"inspector:List*\",\n              \"inspector:LocalizeText\",\n              \"inspector:PreviewAgentsForResourceGroup\",\n              \"iot:Describe*\",\n              \"iot:Get*\",\n              \"iot:List*\",\n              \"kinesis:Describe*\",\n              \"kinesis:Get*\",\n              \"kinesis:List*\",\n              \"lambda:List*\",\n              \"lambda:Get*\",\n              \"logs:Describe*\",\n              \"logs:Get*\",\n              \"logs:TestMetricFilter\",\n              \"machinelearning:Describe*\",\n              \"machinelearning:Get*\",\n              \"mobilehub:GetProject\",\n              \"mobilehub:ListAvailableFeatures\",\n              \"mobilehub:ListAvailableRegions\",\n              \"mobilehub:ListProjects\",\n              \"mobilehub:ValidateProject\",\n              \"mobilehub:VerifyServiceRole\",\n              \"opsworks:Describe*\",\n              \"opsworks:Get*\",\n              \"rds:Describe*\",\n              \"rds:ListTagsForResource\",\n              \"redshift:Describe*\",\n              \"redshift:ViewQueriesInConsole\",\n              \"route53:Get*\",\n              \"route53:List*\",\n              \"route53domains:CheckDomainAvailability\",\n              \"route53domains:GetDomainDetail\",\n              \"route53domains:GetOperationDetail\",\n              \"route53domains:ListDomains\",\n              \"route53domains:ListOperations\",\n              \"route53domains:ListTagsForDomain\",\n              \"s3:Get*\",\n              \"s3:List*\",\n              \"sdb:GetAttributes\",\n              \"sdb:List*\",\n              \"sdb:Select*\",\n              \"ses:Get*\",\n              \"ses:List*\",\n              \"sns:Get*\",\n              \"sns:List*\",\n              \"sqs:GetQueueAttributes\",\n              \"sqs:ListQueues\",\n              \"sqs:ReceiveMessage\",\n              \"storagegateway:Describe*\",\n              \"storagegateway:List*\",\n              \"swf:Count*\",\n              \"swf:Describe*\",\n              \"swf:Get*\",\n              \"swf:List*\",\n              \"tag:Get*\",\n              \"trustedadvisor:Describe*\",\n              \"waf:Get*\",\n              \"waf:List*\",\n              \"workspaces:Describe*\"\n            ],            \n            \"Resource\": \"*\"\n        },\n        {\n            \"Effect\": \"Deny\",\n            \"Action\": \"s3:*\",\n            \"Resource\": [\n                \"arn:aws:s3:::*etcd*\",\n                \"arn:aws:s3:::*etcd*/*\",\n                \"arn:aws:s3:::*lemur*\",\n                \"arn:aws:s3:::*lemur*/*\",\n                \"arn:aws:s3:::*master*\",\n                \"arn:aws:s3:::*master*/*\",\n                \"arn:aws:s3:::*node*\",\n                \"arn:aws:s3:::*node*/*\"\n            ]\n        }\n    ]\n}"
                        },
                        "meta": {},
                        "tainted": false
                    },
                    "deposed": [],
                    "provider": ""
                },
                "aws_iam_policy.rundeck_policy": {
                    "type": "aws_iam_policy",
                    "depends_on": [],
                    "primary": {
                        "id": "arn:aws:iam::803429703521:policy/rundeck-policy",
                        "attributes": {
                            "arn": "arn:aws:iam::803429703521:policy/rundeck-policy",
                            "description": "Rundeck policy to allow tagging",
                            "id": "arn:aws:iam::803429703521:policy/rundeck-policy",
                            "name": "rundeck-policy",
                            "path": "/",
                            "policy": "{\n    \"Version\": \"2012-10-17\",\n    \"Statement\": [\n        {\n            \"Sid\": \"RundeckPolicy\",\n            \"Effect\": \"Allow\",\n            \"Action\": [\n                \"ec2:CreateTags\",\n                \"ec2:DeleteTags\",\n                \"ec2:DescribeTags\",\n                \"ec2:ResourceTag\",\n                \"elasticloadbalancing:DescribeTags\",\n                \"elasticloadbalancing:RemoveTags\",\n                \"elasticloadbalancing:AddTags\",\n                \"elasticache:AddTagsToResource\",\n                \"elasticache:ListTagsForResource\",\n                \"elasticache:RemoveTagsFromResource\",\n                \"es:AddTags\",\n                \"es:ListTags\",\n                \"es:RemoveTags\",\n                \"kinesis:AddTagsToStream\",\n                \"kinesis:ListTagsForStream\",\n                \"kinesis:RemoveTagsFromStream\",\n                \"rds:AddTagsToResource\",\n                \"rds:ListTagsForResource\",\n                \"rds:ListTagsForResource\",\n                \"redshift:CreateTags\",\n                \"redshift:DeleteTags\",\n                \"redshift:DescribeTags\",\n                \"route53:ChangeTagsForResource\",\n                \"route53:ListTagsForResource\",\n                \"route53:ListTagsForResources\",\n                \"route53domains:DeleteTagsForDomain\",\n                \"route53domains:ListTagsForDomain\",\n                \"route53domains:UpdateTagsForDomain\",\n                \"s3:GetBucketTagging\",\n                \"s3:PutBucketTagging\",\n                \"autoscaling:CreateOrUpdateTags\",\n                \"autoscaling:DescribeTags\",\n                \"autoscaling:DeleteTags\",\n                \"cloudtrail:AddTags\",\n                \"cloudtrail:ListTags\",\n                \"cloudtrail:RemoveTags\"\n            ],\n            \"Resource\": \"*\"\n        }\n    ]\n}\n"
                        },
                        "meta": {},
                        "tainted": false
                    },
                    "deposed": [],
                    "provider": ""
                },
                "aws_iam_policy_attachment.administrator": {
                    "type": "aws_iam_policy_attachment",
                    "depends_on": [
                        "aws_iam_role.administrator"
                    ],
                    "primary": {
                        "id": "administrator",
                        "attributes": {
                            "groups.#": "0",
                            "id": "administrator",
                            "name": "administrator",
                            "policy_arn": "arn:aws:iam::aws:policy/AdministratorAccess",
                            "roles.#": "1",
                            "roles.1491011153": "administrator",
                            "users.#": "0"
                        },
                        "meta": {},
                        "tainted": false
                    },
                    "deposed": [],
                    "provider": ""
                },
                "aws_iam_policy_attachment.cloudability_billing": {
                    "type": "aws_iam_policy_attachment",
                    "depends_on": [
                        "aws_iam_policy.cloudability_billing",
                        "aws_iam_user.cloudability_billing"
                    ],
                    "primary": {
                        "id": "cloudability-billing",
                        "attributes": {
                            "groups.#": "0",
                            "id": "cloudability-billing",
                            "name": "cloudability-billing",
                            "policy_arn": "arn:aws:iam::803429703521:policy/cloudability-billing",
                            "roles.#": "0",
                            "users.#": "1",
                            "users.3249347572": "cloudability-billing"
                        },
                        "meta": {},
                        "tainted": false
                    },
                    "deposed": [],
                    "provider": ""
                },
                "aws_iam_policy_attachment.cloudhealth_ro": {
                    "type": "aws_iam_policy_attachment",
                    "depends_on": [
                        "aws_iam_policy.cloudhealth_ro",
                        "aws_iam_role.cloudhealth-ro"
                    ],
                    "primary": {
                        "id": "cloudhealth_ro",
                        "attributes": {
                            "groups.#": "0",
                            "id": "cloudhealth_ro",
                            "name": "cloudhealth_ro",
                            "policy_arn": "arn:aws:iam::803429703521:policy/cloudhealth_ro",
                            "roles.#": "1",
                            "roles.2548512684": "cloudhealth-ro",
                            "users.#": "0"
                        },
                        "meta": {},
                        "tainted": false
                    },
                    "deposed": [],
                    "provider": ""
                },
                "aws_iam_policy_attachment.iam_okta_full_access": {
                    "type": "aws_iam_policy_attachment",
                    "depends_on": [
                        "aws_iam_user.okta"
                    ],
                    "primary": {
                        "id": "iam_okta_full_access",
                        "attributes": {
                            "groups.#": "0",
                            "id": "iam_okta_full_access",
                            "name": "iam_okta_full_access",
                            "policy_arn": "arn:aws:iam::aws:policy/IAMFullAccess",
                            "roles.#": "0",
                            "users.#": "1",
                            "users.2003169716": "okta"
                        },
                        "meta": {},
                        "tainted": false
                    },
                    "deposed": [],
                    "provider": ""
                },
                "aws_iam_policy_attachment.okta-administrator": {
                    "type": "aws_iam_policy_attachment",
                    "depends_on": [
                        "aws_iam_policy.okta-administrator",
                        "aws_iam_role.okta-administrator"
                    ],
                    "primary": {
                        "id": "okta-administrator",
                        "attributes": {
                            "groups.#": "0",
                            "id": "okta-administrator",
                            "name": "okta-administrator",
                            "policy_arn": "arn:aws:iam::803429703521:policy/okta-administrator",
                            "roles.#": "1",
                            "roles.1835518372": "okta-administrator",
                            "users.#": "0"
                        },
                        "meta": {},
                        "tainted": false
                    },
                    "deposed": [],
                    "provider": ""
                },
                "aws_iam_policy_attachment.okta-poweruser": {
                    "type": "aws_iam_policy_attachment",
                    "depends_on": [
                        "aws_iam_policy.okta-poweruser",
                        "aws_iam_role.okta-poweruser"
                    ],
                    "primary": {
                        "id": "okta-poweruser",
                        "attributes": {
                            "groups.#": "0",
                            "id": "okta-poweruser",
                            "name": "okta-poweruser",
                            "policy_arn": "arn:aws:iam::803429703521:policy/okta-poweruser",
                            "roles.#": "1",
                            "roles.1227286402": "okta-poweruser",
                            "users.#": "0"
                        },
                        "meta": {},
                        "tainted": false
                    },
                    "deposed": [],
                    "provider": ""
                },
                "aws_iam_policy_attachment.okta-readonly": {
                    "type": "aws_iam_policy_attachment",
                    "depends_on": [
                        "aws_iam_policy.okta-readonly",
                        "aws_iam_role.okta-readonly"
                    ],
                    "primary": {
                        "id": "okta-readonly",
                        "attributes": {
                            "groups.#": "0",
                            "id": "okta-readonly",
                            "name": "okta-readonly",
                            "policy_arn": "arn:aws:iam::803429703521:policy/okta-readonly",
                            "roles.#": "1",
                            "roles.623623861": "okta-readonly",
                            "users.#": "0"
                        },
                        "meta": {},
                        "tainted": false
                    },
                    "deposed": [],
                    "provider": ""
                },
                "aws_iam_policy_attachment.poweruser": {
                    "type": "aws_iam_policy_attachment",
                    "depends_on": [
                        "aws_iam_role.poweruser"
                    ],
                    "primary": {
                        "id": "poweruser",
                        "attributes": {
                            "groups.#": "0",
                            "id": "poweruser",
                            "name": "poweruser",
                            "policy_arn": "arn:aws:iam::aws:policy/PowerUserAccess",
                            "roles.#": "1",
                            "roles.1095938010": "poweruser",
                            "users.#": "0"
                        },
                        "meta": {},
                        "tainted": false
                    },
                    "deposed": [],
                    "provider": ""
                },
                "aws_iam_policy_attachment.readonly": {
                    "type": "aws_iam_policy_attachment",
                    "depends_on": [
                        "aws_iam_role.readonly"
                    ],
                    "primary": {
                        "id": "readonly",
                        "attributes": {
                            "groups.#": "0",
                            "id": "readonly",
                            "name": "readonly",
                            "policy_arn": "arn:aws:iam::aws:policy/ReadOnlyAccess",
                            "roles.#": "1",
                            "roles.1012845560": "readonly",
                            "users.#": "0"
                        },
                        "meta": {},
                        "tainted": false
                    },
                    "deposed": [],
                    "provider": ""
                },
                "aws_iam_policy_attachment.rundeck_policy_attachment": {
                    "type": "aws_iam_policy_attachment",
                    "depends_on": [
                        "aws_iam_policy.rundeck_policy",
                        "aws_iam_user.rundeck"
                    ],
                    "primary": {
                        "id": "rundeck-policy-attachment",
                        "attributes": {
                            "groups.#": "0",
                            "id": "rundeck-policy-attachment",
                            "name": "rundeck-policy-attachment",
                            "policy_arn": "arn:aws:iam::803429703521:policy/rundeck-policy",
                            "roles.#": "0",
                            "users.#": "1",
                            "users.4120814089": "rundeck"
                        },
                        "meta": {},
                        "tainted": false
                    },
                    "deposed": [],
                    "provider": ""
                },
                "aws_iam_role.administrator": {
                    "type": "aws_iam_role",
                    "depends_on": [],
                    "primary": {
                        "id": "administrator",
                        "attributes": {
                            "arn": "arn:aws:iam::803429703521:role/administrator",
                            "assume_role_policy": "{\"Version\":\"2012-10-17\",\"Statement\":[{\"Effect\":\"Allow\",\"Principal\":{\"AWS\":\"arn:aws:iam::236799202671:root\"},\"Action\":\"sts:AssumeRole\"}]}",
                            "create_date": "2017-01-17T07:30:03Z",
                            "id": "administrator",
                            "name": "administrator",
                            "path": "/",
                            "unique_id": "AROAJVBGHNO5HENTKO7SA"
                        },
                        "meta": {},
                        "tainted": false
                    },
                    "deposed": [],
                    "provider": ""
                },
                "aws_iam_role.ansible": {
                    "type": "aws_iam_role",
                    "depends_on": [],
                    "primary": {
                        "id": "ansible-role",
                        "attributes": {
                            "arn": "arn:aws:iam::803429703521:role/ansible-role",
                            "assume_role_policy": "{\"Version\":\"2012-10-17\",\"Statement\":[{\"Sid\":\"\",\"Effect\":\"Allow\",\"Principal\":{\"Service\":\"ec2.amazonaws.com\"},\"Action\":\"sts:AssumeRole\"}]}",
                            "create_date": "2017-01-17T07:30:03Z",
                            "id": "ansible-role",
                            "name": "ansible-role",
                            "path": "/",
                            "unique_id": "AROAJ7CGWLCLUIPG3JPBM"
                        },
                        "meta": {},
                        "tainted": false
                    },
                    "deposed": [],
                    "provider": ""
                },
                "aws_iam_role.cloudhealth-ro": {
                    "type": "aws_iam_role",
                    "depends_on": [],
                    "primary": {
                        "id": "cloudhealth-ro",
                        "attributes": {
                            "arn": "arn:aws:iam::803429703521:role/cloudhealth-ro",
                            "assume_role_policy": "{\"Version\":\"2012-10-17\",\"Statement\":[{\"Effect\":\"Allow\",\"Principal\":{\"AWS\":\"arn:aws:iam::454464851268:root\"},\"Action\":\"sts:AssumeRole\",\"Condition\":{\"StringEquals\":{\"sts:ExternalId\":\"jcc4frMqLmEt5E7TjkJ8\"}}}]}",
                            "create_date": "2017-01-17T07:30:03Z",
                            "id": "cloudhealth-ro",
                            "name": "cloudhealth-ro",
                            "path": "/",
                            "unique_id": "AROAIQFIOCWUCNJJMGKP4"
                        },
                        "meta": {},
                        "tainted": false
                    },
                    "deposed": [],
                    "provider": ""
                },
                "aws_iam_role.cloudtrail_cloudwatch": {
                    "type": "aws_iam_role",
                    "depends_on": [],
                    "primary": {
                        "id": "cloudtrail_cloudwatch",
                        "attributes": {
                            "arn": "arn:aws:iam::803429703521:role/cloudtrail_cloudwatch",
                            "assume_role_policy": "{\"Version\":\"2012-10-17\",\"Statement\":[{\"Effect\":\"Allow\",\"Principal\":{\"Service\":\"cloudtrail.amazonaws.com\"},\"Action\":\"sts:AssumeRole\"}]}",
                            "create_date": "2017-02-16T23:45:01Z",
                            "id": "cloudtrail_cloudwatch",
                            "name": "cloudtrail_cloudwatch",
                            "path": "/",
                            "unique_id": "AROAJLNE6YV7XFDJXQQ2Y"
                        },
                        "meta": {},
                        "tainted": false
                    },
                    "deposed": [],
                    "provider": ""
                },
                "aws_iam_role.eni-attach": {
                    "type": "aws_iam_role",
                    "depends_on": [],
                    "primary": {
                        "id": "eni-attach-role",
                        "attributes": {
                            "arn": "arn:aws:iam::803429703521:role/eni-attach-role",
                            "assume_role_policy": "{\"Version\":\"2012-10-17\",\"Statement\":[{\"Sid\":\"\",\"Effect\":\"Allow\",\"Principal\":{\"Service\":\"ec2.amazonaws.com\"},\"Action\":\"sts:AssumeRole\"}]}",
                            "create_date": "2017-01-17T07:30:03Z",
                            "id": "eni-attach-role",
                            "name": "eni-attach-role",
                            "path": "/",
                            "unique_id": "AROAIACMPOC36U4XBPOEC"
                        },
                        "meta": {},
                        "tainted": false
                    },
                    "deposed": [],
                    "provider": ""
                },
                "aws_iam_role.okta-administrator": {
                    "type": "aws_iam_role",
                    "depends_on": [
                        "template_file.okta-assumerole"
                    ],
                    "primary": {
                        "id": "okta-administrator",
                        "attributes": {
                            "arn": "arn:aws:iam::803429703521:role/okta-administrator",
                            "assume_role_policy": "{\"Version\":\"2012-10-17\",\"Statement\":[{\"Effect\":\"Allow\",\"Principal\":{\"Federated\":\"arn:aws:iam::803429703521:saml-provider/okta\"},\"Action\":\"sts:AssumeRoleWithSAML\",\"Condition\":{\"StringEquals\":{\"SAML:aud\":\"https://signin.aws.amazon.com/saml\"}}}]}",
                            "create_date": "2017-01-17T08:04:49Z",
                            "id": "okta-administrator",
                            "name": "okta-administrator",
                            "path": "/",
                            "unique_id": "AROAIH2G57LSFHFARHDT4"
                        },
                        "meta": {},
                        "tainted": false
                    },
                    "deposed": [],
                    "provider": ""
                },
                "aws_iam_role.okta-poweruser": {
                    "type": "aws_iam_role",
                    "depends_on": [
                        "template_file.okta-assumerole"
                    ],
                    "primary": {
                        "id": "okta-poweruser",
                        "attributes": {
                            "arn": "arn:aws:iam::803429703521:role/okta-poweruser",
                            "assume_role_policy": "{\"Version\":\"2012-10-17\",\"Statement\":[{\"Effect\":\"Allow\",\"Principal\":{\"Federated\":\"arn:aws:iam::803429703521:saml-provider/okta\"},\"Action\":\"sts:AssumeRoleWithSAML\",\"Condition\":{\"StringEquals\":{\"SAML:aud\":\"https://signin.aws.amazon.com/saml\"}}}]}",
                            "create_date": "2017-01-17T08:04:49Z",
                            "id": "okta-poweruser",
                            "name": "okta-poweruser",
                            "path": "/",
                            "unique_id": "AROAJFLKU4BXO4VTVURXU"
                        },
                        "meta": {},
                        "tainted": false
                    },
                    "deposed": [],
                    "provider": ""
                },
                "aws_iam_role.okta-readonly": {
                    "type": "aws_iam_role",
                    "depends_on": [
                        "template_file.okta-assumerole"
                    ],
                    "primary": {
                        "id": "okta-readonly",
                        "attributes": {
                            "arn": "arn:aws:iam::803429703521:role/okta-readonly",
                            "assume_role_policy": "{\"Version\":\"2012-10-17\",\"Statement\":[{\"Effect\":\"Allow\",\"Principal\":{\"Federated\":\"arn:aws:iam::803429703521:saml-provider/okta\"},\"Action\":\"sts:AssumeRoleWithSAML\",\"Condition\":{\"StringEquals\":{\"SAML:aud\":\"https://signin.aws.amazon.com/saml\"}}}]}",
                            "create_date": "2017-01-17T08:04:49Z",
                            "id": "okta-readonly",
                            "name": "okta-readonly",
                            "path": "/",
                            "unique_id": "AROAJDRKXBPFVGTPSJJHU"
                        },
                        "meta": {},
                        "tainted": false
                    },
                    "deposed": [],
                    "provider": ""
                },
                "aws_iam_role.poweruser": {
                    "type": "aws_iam_role",
                    "depends_on": [],
                    "primary": {
                        "id": "poweruser",
                        "attributes": {
                            "arn": "arn:aws:iam::803429703521:role/poweruser",
                            "assume_role_policy": "{\"Version\":\"2012-10-17\",\"Statement\":[{\"Effect\":\"Allow\",\"Principal\":{\"AWS\":\"arn:aws:iam::236799202671:root\"},\"Action\":\"sts:AssumeRole\"}]}",
                            "create_date": "2017-01-17T07:30:03Z",
                            "id": "poweruser",
                            "name": "poweruser",
                            "path": "/",
                            "unique_id": "AROAJHLVKX5VFMJ6UGKD2"
                        },
                        "meta": {},
                        "tainted": false
                    },
                    "deposed": [],
                    "provider": ""
                },
                "aws_iam_role.readonly": {
                    "type": "aws_iam_role",
                    "depends_on": [],
                    "primary": {
                        "id": "readonly",
                        "attributes": {
                            "arn": "arn:aws:iam::803429703521:role/readonly",
                            "assume_role_policy": "{\"Version\":\"2012-10-17\",\"Statement\":[{\"Effect\":\"Allow\",\"Principal\":{\"AWS\":\"arn:aws:iam::236799202671:root\"},\"Action\":\"sts:AssumeRole\"}]}",
                            "create_date": "2017-01-17T07:30:03Z",
                            "id": "readonly",
                            "name": "readonly",
                            "path": "/",
                            "unique_id": "AROAJKKED4BJCMBUGHSH2"
                        },
                        "meta": {},
                        "tainted": false
                    },
                    "deposed": [],
                    "provider": ""
                },
                "aws_iam_role_policy.ansible": {
                    "type": "aws_iam_role_policy",
                    "depends_on": [
                        "aws_iam_role.ansible"
                    ],
                    "primary": {
                        "id": "ansible-role:ansible-policy",
                        "attributes": {
                            "id": "ansible-role:ansible-policy",
                            "name": "ansible-policy",
                            "policy": "{\n    \"Version\": \"2012-10-17\",\n    \"Statement\": [\n        {\n              \"Effect\": \"Allow\",\n              \"Action\": [\n                \"ec2:Describe*\",\n                \"route53:ListHostedZones\",\n                \"route53:ListResourceRecordSets\",\n                \"rds:Describe*\",\n                \"elasticache:Describe*\",\n                \"s3:GetObject\",\n                \"s3:ListAllMyBuckets\",\n                \"s3:ListBucket\"\n              ],\n              \"Resource\": \"*\"\n        }\n    ]\n}\n",
                            "role": "ansible-role"
                        },
                        "meta": {},
                        "tainted": false
                    },
                    "deposed": [],
                    "provider": ""
                },
                "aws_iam_role_policy.cloudtrail_cloudwatch": {
                    "type": "aws_iam_role_policy",
                    "depends_on": [
                        "aws_cloudwatch_log_group.cloudtrail_logs",
                        "aws_iam_role.cloudtrail_cloudwatch"
                    ],
                    "primary": {
                        "id": "cloudtrail_cloudwatch:cloudtrail_cloudwatch",
                        "attributes": {
                            "id": "cloudtrail_cloudwatch:cloudtrail_cloudwatch",
                            "name": "cloudtrail_cloudwatch",
                            "policy": "{\n    \"Version\": \"2012-10-17\",\n    \"Statement\": [\n        {\n            \"Sid\": \"AWSCloudTrailCreateLogStream\",\n            \"Effect\": \"Allow\",\n            \"Action\": [\n                \"logs:CreateLogStream\"\n            ],\n            \"Resource\": [\n                \"arn:aws:logs:us-west-2:803429703521:log-group:cloudtrail/logs:log-stream:803429703521_CloudTrail_us-west-2*\"\n            ]\n        },\n        {\n            \"Sid\": \"AWSCloudTrailPutLogEvents\",\n            \"Effect\": \"Allow\",\n            \"Action\": [\n                \"logs:PutLogEvents\"\n            ],\n            \"Resource\": [\n                \"arn:aws:logs:us-west-2:803429703521:log-group:cloudtrail/logs:log-stream:803429703521_CloudTrail_us-west-2*\"\n            ]\n        }\n    ]\n}\n",
                            "role": "cloudtrail_cloudwatch"
                        },
                        "meta": {},
                        "tainted": false
                    },
                    "deposed": [],
                    "provider": ""
                },
                "aws_iam_role_policy.eni-attach": {
                    "type": "aws_iam_role_policy",
                    "depends_on": [
                        "aws_iam_role.eni-attach"
                    ],
                    "primary": {
                        "id": "eni-attach-role:eni-attach-policy",
                        "attributes": {
                            "id": "eni-attach-role:eni-attach-policy",
                            "name": "eni-attach-policy",
                            "policy": "{\n    \"Version\": \"2012-10-17\",\n    \"Statement\": [\n        {\n              \"Effect\": \"Allow\",\n              \"Action\": [\n                \"ec2:Describe*\",\n                \"ec2:CreateTags\",\n                \"ec2:DeleteTags\",\n                \"route53:ListHostedZones\",\n                \"route53:ListResourceRecordSets\",\n                \"rds:Describe*\",\n                \"elasticache:Describe*\",\n                \"s3:GetObject\",\n                \"s3:ListAllMyBuckets\",\n                \"s3:ListBucket\",\n                \"ec2:AttachNetworkInterface\"\n              ],\n              \"Resource\": \"*\"\n        }\n    ]\n}\n",
                            "role": "eni-attach-role"
                        },
                        "meta": {},
                        "tainted": false
                    },
                    "deposed": [],
                    "provider": ""
                },
                "aws_iam_saml_provider.default": {
                    "type": "aws_iam_saml_provider",
                    "depends_on": [],
                    "primary": {
                        "id": "arn:aws:iam::803429703521:saml-provider/okta",
                        "attributes": {
                            "arn": "arn:aws:iam::803429703521:saml-provider/okta",
                            "id": "arn:aws:iam::803429703521:saml-provider/okta",
                            "name": "okta",
                            "saml_metadata_document": "\u003c?xml version=\"1.0\" encoding=\"UTF-8\"?\u003e\u003cmd:EntityDescriptor xmlns:md=\"urn:oasis:names:tc:SAML:2.0:metadata\" entityID=\"http://www.okta.com/exk1a56t9bqs10wLc1d8\"\u003e\u003cmd:IDPSSODescriptor WantAuthnRequestsSigned=\"false\" protocolSupportEnumeration=\"urn:oasis:names:tc:SAML:2.0:protocol\"\u003e\u003cmd:KeyDescriptor use=\"signing\"\u003e\u003cds:KeyInfo xmlns:ds=\"http://www.w3.org/2000/09/xmldsig#\"\u003e\u003cds:X509Data\u003e\u003cds:X509Certificate\u003eMIIDmDCCAoCgAwIBAgIGAUtBVtzPMA0GCSqGSIb3DQEBBQUAMIGMMQswCQYDVQQGEwJVUzETMBEG\nA1UECAwKQ2FsaWZvcm5pYTEWMBQGA1UEBwwNU2FuIEZyYW5jaXNjbzENMAsGA1UECgwET2t0YTEU\nMBIGA1UECwwLU1NPUHJvdmlkZXIxDTALBgNVBAMMBGppdmUxHDAaBgkqhkiG9w0BCQEWDWluZm9A\nb2t0YS5jb20wHhcNMTUwMTMxMTg1MjA2WhcNNDUwMTMxMTg1MzA2WjCBjDELMAkGA1UEBhMCVVMx\nEzARBgNVBAgMCkNhbGlmb3JuaWExFjAUBgNVBAcMDVNhbiBGcmFuY2lzY28xDTALBgNVBAoMBE9r\ndGExFDASBgNVBAsMC1NTT1Byb3ZpZGVyMQ0wCwYDVQQDDARqaXZlMRwwGgYJKoZIhvcNAQkBFg1p\nbmZvQG9rdGEuY29tMIIBIjANBgkqhkiG9w0BAQEFAAOCAQ8AMIIBCgKCAQEAvyFTFg6xXPgRRcx6\nGmUkVMo/l2QMLWZLBSQtQWQigQ/ionR0uYH2/v4iJwDL8aEBfeX40D8wpFJYn0vEiS40G7PARQQd\n4vgUuE1BvqVt+ytKgKb4sEOaP6IIvfyAGsU2s4+bzmSOJM916el6bMAUzLyftTpoyMWbC2eVrISX\n370FErvfjUFWPE4TK7vYR5AkkYp/M/dfTlLtf37O5lURgLqGvvWTqvQ0iCR8XXDuqE+lp8+3OPXZ\nw9SkEZEs66YFAE8gLdConUK/8jxUTxYoyBzvGt/b2gVylvTUl3r4X+bLOKiIYdO4i1OP5QmzDQ1m\nMTUkV6DynoB6wrOA9mFKuwIDAQABMA0GCSqGSIb3DQEBBQUAA4IBAQAacNdkFlxyHczbm8CHZT58\nTyT75aZ6utkOt971bnI7i/pNJ2lazOAaUjTVhHehyZLU8vRK+QVduaWirjOh/ZChgLit4Hn5Q6j8\nDCtxf7GXtsWcbGzjMyqZqshZY+Oop7RkwCuAt10xsZiDzhODqjUut87Smj24Rj/xNMQXzY4wjG0n\nJyEEaTeNbxIeNvbY/2szB96hLVPUxYD5pgGxNjKlM5SCmN/QhUuKFVgnQ8sMPgEKbAd7Dw1vf/RF\nXg9+0K94NjRVjZNFDLtw/HHQoN2jgtXLXsPPIKCkUEH1p16vCixfGdpPbgLUSA3th2d5oRRUHPUi\nGy84znavIOH68EYt\u003c/ds:X509Certificate\u003e\u003c/ds:X509Data\u003e\u003c/ds:KeyInfo\u003e\u003c/md:KeyDescriptor\u003e\u003cmd:NameIDFormat\u003eurn:oasis:names:tc:SAML:1.1:nameid-format:emailAddress\u003c/md:NameIDFormat\u003e\u003cmd:NameIDFormat\u003eurn:oasis:names:tc:SAML:1.1:nameid-format:unspecified\u003c/md:NameIDFormat\u003e\u003cmd:SingleSignOnService Binding=\"urn:oasis:names:tc:SAML:2.0:bindings:HTTP-POST\" Location=\"https://jive.okta.com/app/amazon_aws/exk1a56t9bqs10wLc1d8/sso/saml\"/\u003e\u003cmd:SingleSignOnService Binding=\"urn:oasis:names:tc:SAML:2.0:bindings:HTTP-Redirect\" Location=\"https://jive.okta.com/app/amazon_aws/exk1a56t9bqs10wLc1d8/sso/saml\"/\u003e\u003c/md:IDPSSODescriptor\u003e\u003c/md:EntityDescriptor\u003e",
                            "valid_until": "Sun, 17 Jan 2117 08:04:48 UTC"
                        },
                        "meta": {},
                        "tainted": false
                    },
                    "deposed": [],
                    "provider": ""
                },
                "aws_iam_user.cloudability_billing": {
                    "type": "aws_iam_user",
                    "depends_on": [],
                    "primary": {
                        "id": "cloudability-billing",
                        "attributes": {
                            "arn": "arn:aws:iam::803429703521:user/cloudability-billing",
                            "force_destroy": "false",
                            "id": "cloudability-billing",
                            "name": "cloudability-billing",
                            "path": "/",
                            "unique_id": "AIDAJAODGA455FYPHDPFI"
                        },
                        "meta": {},
                        "tainted": false
                    },
                    "deposed": [],
                    "provider": ""
                },
                "aws_iam_user.okta": {
                    "type": "aws_iam_user",
                    "depends_on": [],
                    "primary": {
                        "id": "okta",
                        "attributes": {
                            "arn": "arn:aws:iam::803429703521:user/okta",
                            "force_destroy": "false",
                            "id": "okta",
                            "name": "okta",
                            "path": "/",
                            "unique_id": "AIDAJHQWAUOX7L3PC3PXK"
                        },
                        "meta": {},
                        "tainted": false
                    },
                    "deposed": [],
                    "provider": ""
                },
                "aws_iam_user.rundeck": {
                    "type": "aws_iam_user",
                    "depends_on": [],
                    "primary": {
                        "id": "rundeck",
                        "attributes": {
                            "arn": "arn:aws:iam::803429703521:user/rundeck",
                            "force_destroy": "false",
                            "id": "rundeck",
                            "name": "rundeck",
                            "path": "/",
                            "unique_id": "AIDAI3U2OZ2FGU56PNBCA"
                        },
                        "meta": {},
                        "tainted": false
                    },
                    "deposed": [],
                    "provider": ""
                },
                "aws_route53_record.ldap": {
                    "type": "aws_route53_record",
                    "depends_on": [
                        "aws_route53_zone.jiveprivate"
                    ],
                    "primary": {
                        "id": "Z2ET6FCF0YDH7S_ldap.jiveprivate.com_A",
                        "attributes": {
                            "fqdn": "ldap.jiveprivate.com",
                            "health_check_id": "",
                            "id": "Z2ET6FCF0YDH7S_ldap.jiveprivate.com_A",
                            "name": "ldap.jiveprivate.com",
                            "records.#": "1",
                            "records.2240310519": "10.160.4.15",
                            "set_identifier": "",
                            "ttl": "60",
                            "type": "A",
                            "zone_id": "Z2ET6FCF0YDH7S"
                        },
                        "meta": {
                            "schema_version": "2"
                        },
                        "tainted": false
                    },
                    "deposed": [],
                    "provider": ""
                },
                "aws_route53_record.ldap_cname": {
                    "type": "aws_route53_record",
                    "depends_on": [
                        "aws_route53_record.ldap",
                        "aws_route53_zone.jiveprivate"
                    ],
                    "primary": {
                        "id": "Z2ET6FCF0YDH7S_ldap.infra-prod_CNAME",
                        "attributes": {
                            "fqdn": "ldap.infra-prod.jiveprivate.com",
                            "health_check_id": "",
                            "id": "Z2ET6FCF0YDH7S_ldap.infra-prod_CNAME",
                            "name": "ldap.infra-prod",
                            "records.#": "1",
                            "records.638751632": "ldap.jiveprivate.com",
                            "set_identifier": "",
                            "ttl": "60",
                            "type": "CNAME",
                            "zone_id": "Z2ET6FCF0YDH7S"
                        },
                        "meta": {
                            "schema_version": "2"
                        },
                        "tainted": false
                    },
                    "deposed": [],
                    "provider": ""
                },
                "aws_route53_record.nexus": {
                    "type": "aws_route53_record",
                    "depends_on": [
                        "aws_route53_zone.jiveprivate"
                    ],
                    "primary": {
                        "id": "Z2ET6FCF0YDH7S_nexus.jiveprivate.com_A",
                        "attributes": {
                            "fqdn": "nexus.jiveprivate.com",
                            "health_check_id": "",
                            "id": "Z2ET6FCF0YDH7S_nexus.jiveprivate.com_A",
                            "name": "nexus.jiveprivate.com",
                            "records.#": "1",
                            "records.1781397951": "10.10.100.155",
                            "set_identifier": "",
                            "ttl": "60",
                            "type": "A",
                            "zone_id": "Z2ET6FCF0YDH7S"
                        },
                        "meta": {
                            "schema_version": "2"
                        },
                        "tainted": false
                    },
                    "deposed": [],
                    "provider": ""
                },
                "aws_route53_record.nexus_cname": {
                    "type": "aws_route53_record",
                    "depends_on": [
                        "aws_route53_record.nexus",
                        "aws_route53_zone.jiveprivate"
                    ],
                    "primary": {
                        "id": "Z2ET6FCF0YDH7S_nexus.infra-prod_CNAME",
                        "attributes": {
                            "fqdn": "nexus.infra-prod.jiveprivate.com",
                            "health_check_id": "",
                            "id": "Z2ET6FCF0YDH7S_nexus.infra-prod_CNAME",
                            "name": "nexus.infra-prod",
                            "records.#": "1",
                            "records.2776874764": "nexus.jiveprivate.com",
                            "set_identifier": "",
                            "ttl": "60",
                            "type": "CNAME",
                            "zone_id": "Z2ET6FCF0YDH7S"
                        },
                        "meta": {
                            "schema_version": "2"
                        },
                        "tainted": false
                    },
                    "deposed": [],
                    "provider": ""
                },
                "aws_route53_record.stash": {
                    "type": "aws_route53_record",
                    "depends_on": [
                        "aws_route53_zone.jiveprivate"
                    ],
                    "primary": {
                        "id": "Z2ET6FCF0YDH7S_stash.jiveprivate.com_A",
                        "attributes": {
                            "fqdn": "stash.jiveprivate.com",
                            "health_check_id": "",
                            "id": "Z2ET6FCF0YDH7S_stash.jiveprivate.com_A",
                            "name": "stash.jiveprivate.com",
                            "records.#": "1",
                            "records.2265913606": "10.10.6.29",
                            "set_identifier": "",
                            "ttl": "60",
                            "type": "A",
                            "zone_id": "Z2ET6FCF0YDH7S"
                        },
                        "meta": {
                            "schema_version": "2"
                        },
                        "tainted": false
                    },
                    "deposed": [],
                    "provider": ""
                },
                "aws_route53_record.stash_cname": {
                    "type": "aws_route53_record",
                    "depends_on": [
                        "aws_route53_record.stash",
                        "aws_route53_zone.jiveprivate"
                    ],
                    "primary": {
                        "id": "Z2ET6FCF0YDH7S_stash.infra-prod_CNAME",
                        "attributes": {
                            "fqdn": "stash.infra-prod.jiveprivate.com",
                            "health_check_id": "",
                            "id": "Z2ET6FCF0YDH7S_stash.infra-prod_CNAME",
                            "name": "stash.infra-prod",
                            "records.#": "1",
                            "records.2729518309": "stash.jiveprivate.com",
                            "set_identifier": "",
                            "ttl": "60",
                            "type": "CNAME",
                            "zone_id": "Z2ET6FCF0YDH7S"
                        },
                        "meta": {
                            "schema_version": "2"
                        },
                        "tainted": false
                    },
                    "deposed": [],
                    "provider": ""
                },
                "aws_route53_zone.jiveprivate": {
                    "type": "aws_route53_zone",
                    "depends_on": [
                        "aws_vpc.route53"
                    ],
                    "primary": {
                        "id": "Z2ET6FCF0YDH7S",
                        "attributes": {
                            "comment": "Private domain for jive-partnercollaboration-prod",
                            "force_destroy": "false",
                            "id": "Z2ET6FCF0YDH7S",
                            "name": "jiveprivate.com",
                            "name_servers.#": "4",
                            "name_servers.0": "ns-0.awsdns-00.com.",
                            "name_servers.1": "ns-1024.awsdns-00.org.",
                            "name_servers.2": "ns-1536.awsdns-00.co.uk.",
                            "name_servers.3": "ns-512.awsdns-00.net.",
                            "tags.%": "4",
                            "tags.Name": "jiveprivate.com",
                            "tags.account_name": "jive-partnercollaboration-prod",
                            "tags.jive_service": "infrastructure",
                            "tags.region": "us-west-2",
                            "vpc_id": "vpc-a6c870c1",
                            "vpc_region": "us-west-2",
                            "zone_id": "Z2ET6FCF0YDH7S"
                        },
                        "meta": {},
                        "tainted": false
                    },
                    "deposed": [],
                    "provider": ""
                },
                "aws_s3_bucket.cloudtrail": {
                    "type": "aws_s3_bucket",
                    "depends_on": [],
                    "primary": {
                        "id": "jive-cloudtrail-jive-partnercollaboration-prod-usw2",
                        "attributes": {
                            "acceleration_status": "",
                            "acl": "private",
                            "arn": "arn:aws:s3:::jive-cloudtrail-jive-partnercollaboration-prod-usw2",
                            "bucket": "jive-cloudtrail-jive-partnercollaboration-prod-usw2",
                            "bucket_domain_name": "jive-cloudtrail-jive-partnercollaboration-prod-usw2.s3.amazonaws.com",
                            "force_destroy": "true",
                            "hosted_zone_id": "Z3BJ6K6RIION7M",
                            "id": "jive-cloudtrail-jive-partnercollaboration-prod-usw2",
                            "policy": "{\"Statement\":[{\"Action\":\"s3:GetBucketAcl\",\"Effect\":\"Allow\",\"Principal\":{\"Service\":\"cloudtrail.amazonaws.com\"},\"Resource\":\"arn:aws:s3:::jive-cloudtrail-jive-partnercollaboration-prod-usw2\",\"Sid\":\"AWSCloudTrailAclCheck\"},{\"Action\":\"s3:PutObject\",\"Condition\":{\"StringEquals\":{\"s3:x-amz-acl\":\"bucket-owner-full-control\"}},\"Effect\":\"Allow\",\"Principal\":{\"Service\":\"cloudtrail.amazonaws.com\"},\"Resource\":\"arn:aws:s3:::jive-cloudtrail-jive-partnercollaboration-prod-usw2/*\",\"Sid\":\"AWSCloudTrailWrite\"},{\"Action\":\"s3:PutObject\",\"Condition\":{\"StringNotEquals\":{\"s3:x-amz-server-side-encryption\":\"AES256\"}},\"Effect\":\"Deny\",\"Principal\":\"*\",\"Resource\":\"arn:aws:s3:::jive-cloudtrail-jive-partnercollaboration-prod-usw2/*\",\"Sid\":\"DenyUnEncryptedObjectUploads\"}],\"Version\":\"2012-10-17\"}",
                            "region": "us-west-2",
                            "request_payer": "BucketOwner",
                            "tags.%": "3",
                            "tags.jive_service": "infrastructure",
                            "tags.pipeline_phase": "infra-prod",
                            "tags.service_component": "cloudtrail",
                            "versioning.#": "1",
                            "versioning.0.enabled": "false",
                            "versioning.0.mfa_delete": "false",
                            "website.#": "0"
                        },
                        "meta": {},
                        "tainted": false
                    },
                    "deposed": [],
                    "provider": ""
                },
                "aws_vpc.route53": {
                    "type": "aws_vpc",
                    "depends_on": [],
                    "primary": {
                        "id": "vpc-a6c870c1",
                        "attributes": {
                            "assign_generated_ipv6_cidr_block": "false",
                            "cidr_block": "172.32.0.0/16",
                            "default_network_acl_id": "acl-66acc301",
                            "default_route_table_id": "rtb-6a6f390d",
                            "default_security_group_id": "sg-ae3391d6",
                            "dhcp_options_id": "dopt-d23f37b6",
                            "enable_classiclink": "false",
                            "enable_dns_hostnames": "true",
                            "enable_dns_support": "true",
                            "id": "vpc-a6c870c1",
                            "instance_tenancy": "default",
                            "main_route_table_id": "rtb-6a6f390d",
                            "tags.%": "4",
                            "tags.Name": "route53-default-vpc",
                            "tags.account_name": "jive-partnercollaboration-prod",
                            "tags.jive_service": "infrastructure",
                            "tags.region": "us-west-2"
                        },
                        "meta": {
                            "schema_version": "1"
                        },
                        "tainted": false
                    },
                    "deposed": [],
                    "provider": ""
                },
                "template_file.okta-assumerole": {
                    "type": "template_file",
                    "depends_on": [
                        "aws_iam_saml_provider.default"
                    ],
                    "primary": {
                        "id": "6681d9b399ff57967c659867d7233b2852f8c49e8a6456a5b70445924de1670d",
                        "attributes": {
                            "id": "6681d9b399ff57967c659867d7233b2852f8c49e8a6456a5b70445924de1670d",
                            "rendered": "{\n  \"Version\": \"2012-10-17\",\n  \"Statement\": [\n    {\n      \"Effect\": \"Allow\",\n      \"Principal\": {\n        \"Federated\": \"arn:aws:iam::803429703521:saml-provider/okta\"\n      },\n      \"Action\": \"sts:AssumeRoleWithSAML\",\n      \"Condition\": {\n        \"StringEquals\": {\n          \"SAML:aud\": \"https://signin.aws.amazon.com/saml\"\n        }\n      }\n    }\n  ]\n}\n",
                            "template": "{\n  \"Version\": \"2012-10-17\",\n  \"Statement\": [\n    {\n      \"Effect\": \"Allow\",\n      \"Principal\": {\n        \"Federated\": \"${saml_provider_arn}\"\n      },\n      \"Action\": \"sts:AssumeRoleWithSAML\",\n      \"Condition\": {\n        \"StringEquals\": {\n          \"SAML:aud\": \"https://signin.aws.amazon.com/saml\"\n        }\n      }\n    }\n  ]\n}\n",
                            "vars.%": "1",
                            "vars.saml_provider_arn": "arn:aws:iam::803429703521:saml-provider/okta"
                        },
                        "meta": {},
                        "tainted": false
                    },
                    "deposed": [],
                    "provider": ""
                }
            },
            "depends_on": []
        }
    ]
}
