{
    "version": 3,
    "terraform_version": "0.7.13",
    "serial": 3,
    "lineage": "d7cdfd5e-63c7-479f-8cb0-b1b0015b41f7",
    "modules": [
        {
            "path": [
                "root"
            ],
            "outputs": {},
            "resources": {
                "aws_ebs_volume.upena_reader_i1_v0": {
                    "type": "aws_ebs_volume",
                    "depends_on": [],
                    "primary": {
                        "id": "vol-0510f263e5f0e1d9f",
                        "attributes": {
                            "availability_zone": "us-west-2a",
                            "encrypted": "true",
                            "id": "vol-0510f263e5f0e1d9f",
                            "kms_key_id": "arn:aws:kms:us-west-2:870846026232:key/1ac4e3ea-b4c1-44b7-af4d-79aeb740a0c4",
                            "size": "500",
                            "snapshot_id": "",
                            "tags.%": "7",
                            "tags.Account_name": "jive-reco-prod",
                            "tags.Jive_service": "upena",
                            "tags.Name": "prod-upena-reader-i1-v0",
                            "tags.Pipeline_phase": "prod",
                            "tags.Region": "us-west-2",
                            "tags.SLA": "prod",
                            "tags.Service_component": "upena-reader",
                            "type": "st1"
                        },
                        "meta": {},
                        "tainted": false
                    },
                    "deposed": [],
                    "provider": ""
                },
                "aws_ebs_volume.upena_reader_i1_v1": {
                    "type": "aws_ebs_volume",
                    "depends_on": [],
                    "primary": {
                        "id": "vol-038088b88607c4085",
                        "attributes": {
                            "availability_zone": "us-west-2a",
                            "encrypted": "true",
                            "id": "vol-038088b88607c4085",
                            "kms_key_id": "arn:aws:kms:us-west-2:870846026232:key/1ac4e3ea-b4c1-44b7-af4d-79aeb740a0c4",
                            "size": "2000",
                            "snapshot_id": "",
                            "tags.%": "7",
                            "tags.Account_name": "jive-reco-prod",
                            "tags.Jive_service": "upena",
                            "tags.Name": "prod-upena-reader-i1-v1",
                            "tags.Pipeline_phase": "prod",
                            "tags.Region": "us-west-2",
                            "tags.SLA": "prod",
                            "tags.Service_component": "upena-reader",
                            "type": "st1"
                        },
                        "meta": {},
                        "tainted": false
                    },
                    "deposed": [],
                    "provider": ""
                },
                "aws_ebs_volume.upena_reader_i1_v2": {
                    "type": "aws_ebs_volume",
                    "depends_on": [],
                    "primary": {
                        "id": "vol-087270f7650850f3a",
                        "attributes": {
                            "availability_zone": "us-west-2a",
                            "encrypted": "true",
                            "id": "vol-087270f7650850f3a",
                            "kms_key_id": "arn:aws:kms:us-west-2:870846026232:key/1ac4e3ea-b4c1-44b7-af4d-79aeb740a0c4",
                            "size": "2000",
                            "snapshot_id": "",
                            "tags.%": "7",
                            "tags.Account_name": "jive-reco-prod",
                            "tags.Jive_service": "upena",
                            "tags.Name": "prod-upena-reader-i1-v2",
                            "tags.Pipeline_phase": "prod",
                            "tags.Region": "us-west-2",
                            "tags.SLA": "prod",
                            "tags.Service_component": "upena-reader",
                            "type": "st1"
                        },
                        "meta": {},
                        "tainted": false
                    },
                    "deposed": [],
                    "provider": ""
                },
                "aws_ebs_volume.upena_reader_i1_v3": {
                    "type": "aws_ebs_volume",
                    "depends_on": [],
                    "primary": {
                        "id": "vol-0f83c98efc9422aaf",
                        "attributes": {
                            "availability_zone": "us-west-2a",
                            "encrypted": "true",
                            "id": "vol-0f83c98efc9422aaf",
                            "kms_key_id": "arn:aws:kms:us-west-2:870846026232:key/1ac4e3ea-b4c1-44b7-af4d-79aeb740a0c4",
                            "size": "2000",
                            "snapshot_id": "",
                            "tags.%": "7",
                            "tags.Account_name": "jive-reco-prod",
                            "tags.Jive_service": "upena",
                            "tags.Name": "prod-upena-reader-i1-v3",
                            "tags.Pipeline_phase": "prod",
                            "tags.Region": "us-west-2",
                            "tags.SLA": "prod",
                            "tags.Service_component": "upena-reader",
                            "type": "st1"
                        },
                        "meta": {},
                        "tainted": false
                    },
                    "deposed": [],
                    "provider": ""
                },
                "aws_ebs_volume.upena_reader_i2_v0": {
                    "type": "aws_ebs_volume",
                    "depends_on": [],
                    "primary": {
                        "id": "vol-00ceff1597b13623e",
                        "attributes": {
                            "availability_zone": "us-west-2b",
                            "encrypted": "true",
                            "id": "vol-00ceff1597b13623e",
                            "kms_key_id": "arn:aws:kms:us-west-2:870846026232:key/1ac4e3ea-b4c1-44b7-af4d-79aeb740a0c4",
                            "size": "500",
                            "snapshot_id": "",
                            "tags.%": "7",
                            "tags.Account_name": "jive-reco-prod",
                            "tags.Jive_service": "upena",
                            "tags.Name": "prod-upena-reader-i2-v0",
                            "tags.Pipeline_phase": "prod",
                            "tags.Region": "us-west-2",
                            "tags.SLA": "prod",
                            "tags.Service_component": "upena-reader",
                            "type": "st1"
                        },
                        "meta": {},
                        "tainted": false
                    },
                    "deposed": [],
                    "provider": ""
                },
                "aws_ebs_volume.upena_reader_i2_v1": {
                    "type": "aws_ebs_volume",
                    "depends_on": [],
                    "primary": {
                        "id": "vol-0400dd66eb0ee7faf",
                        "attributes": {
                            "availability_zone": "us-west-2b",
                            "encrypted": "true",
                            "id": "vol-0400dd66eb0ee7faf",
                            "kms_key_id": "arn:aws:kms:us-west-2:870846026232:key/1ac4e3ea-b4c1-44b7-af4d-79aeb740a0c4",
                            "size": "2000",
                            "snapshot_id": "",
                            "tags.%": "7",
                            "tags.Account_name": "jive-reco-prod",
                            "tags.Jive_service": "upena",
                            "tags.Name": "prod-upena-reader-i2-v1",
                            "tags.Pipeline_phase": "prod",
                            "tags.Region": "us-west-2",
                            "tags.SLA": "prod",
                            "tags.Service_component": "upena-reader",
                            "type": "st1"
                        },
                        "meta": {},
                        "tainted": false
                    },
                    "deposed": [],
                    "provider": ""
                },
                "aws_ebs_volume.upena_reader_i2_v2": {
                    "type": "aws_ebs_volume",
                    "depends_on": [],
                    "primary": {
                        "id": "vol-05fffe88a091ad30f",
                        "attributes": {
                            "availability_zone": "us-west-2b",
                            "encrypted": "true",
                            "id": "vol-05fffe88a091ad30f",
                            "kms_key_id": "arn:aws:kms:us-west-2:870846026232:key/1ac4e3ea-b4c1-44b7-af4d-79aeb740a0c4",
                            "size": "2000",
                            "snapshot_id": "",
                            "tags.%": "7",
                            "tags.Account_name": "jive-reco-prod",
                            "tags.Jive_service": "upena",
                            "tags.Name": "prod-upena-reader-i2-v2",
                            "tags.Pipeline_phase": "prod",
                            "tags.Region": "us-west-2",
                            "tags.SLA": "prod",
                            "tags.Service_component": "upena-reader",
                            "type": "st1"
                        },
                        "meta": {},
                        "tainted": false
                    },
                    "deposed": [],
                    "provider": ""
                },
                "aws_ebs_volume.upena_reader_i2_v3": {
                    "type": "aws_ebs_volume",
                    "depends_on": [],
                    "primary": {
                        "id": "vol-0a7fc72ce04b7d002",
                        "attributes": {
                            "availability_zone": "us-west-2b",
                            "encrypted": "true",
                            "id": "vol-0a7fc72ce04b7d002",
                            "kms_key_id": "arn:aws:kms:us-west-2:870846026232:key/1ac4e3ea-b4c1-44b7-af4d-79aeb740a0c4",
                            "size": "2000",
                            "snapshot_id": "",
                            "tags.%": "7",
                            "tags.Account_name": "jive-reco-prod",
                            "tags.Jive_service": "upena",
                            "tags.Name": "prod-upena-reader-i2-v3",
                            "tags.Pipeline_phase": "prod",
                            "tags.Region": "us-west-2",
                            "tags.SLA": "prod",
                            "tags.Service_component": "upena-reader",
                            "type": "st1"
                        },
                        "meta": {},
                        "tainted": false
                    },
                    "deposed": [],
                    "provider": ""
                },
                "aws_ebs_volume.upena_reader_i3_v0": {
                    "type": "aws_ebs_volume",
                    "depends_on": [],
                    "primary": {
                        "id": "vol-0a95041574b785bcf",
                        "attributes": {
                            "availability_zone": "us-west-2c",
                            "encrypted": "true",
                            "id": "vol-0a95041574b785bcf",
                            "kms_key_id": "arn:aws:kms:us-west-2:870846026232:key/1ac4e3ea-b4c1-44b7-af4d-79aeb740a0c4",
                            "size": "500",
                            "snapshot_id": "",
                            "tags.%": "7",
                            "tags.Account_name": "jive-reco-prod",
                            "tags.Jive_service": "upena",
                            "tags.Name": "prod-upena-reader-i3-v0",
                            "tags.Pipeline_phase": "prod",
                            "tags.Region": "us-west-2",
                            "tags.SLA": "prod",
                            "tags.Service_component": "upena-reader",
                            "type": "st1"
                        },
                        "meta": {},
                        "tainted": false
                    },
                    "deposed": [],
                    "provider": ""
                },
                "aws_ebs_volume.upena_reader_i3_v1": {
                    "type": "aws_ebs_volume",
                    "depends_on": [],
                    "primary": {
                        "id": "vol-01c7302573bbab5d1",
                        "attributes": {
                            "availability_zone": "us-west-2c",
                            "encrypted": "true",
                            "id": "vol-01c7302573bbab5d1",
                            "kms_key_id": "arn:aws:kms:us-west-2:870846026232:key/1ac4e3ea-b4c1-44b7-af4d-79aeb740a0c4",
                            "size": "2000",
                            "snapshot_id": "",
                            "tags.%": "7",
                            "tags.Account_name": "jive-reco-prod",
                            "tags.Jive_service": "upena",
                            "tags.Name": "prod-upena-reader-i3-v1",
                            "tags.Pipeline_phase": "prod",
                            "tags.Region": "us-west-2",
                            "tags.SLA": "prod",
                            "tags.Service_component": "upena-reader",
                            "type": "st1"
                        },
                        "meta": {},
                        "tainted": false
                    },
                    "deposed": [],
                    "provider": ""
                },
                "aws_ebs_volume.upena_reader_i3_v2": {
                    "type": "aws_ebs_volume",
                    "depends_on": [],
                    "primary": {
                        "id": "vol-0b46efcbcd9607555",
                        "attributes": {
                            "availability_zone": "us-west-2c",
                            "encrypted": "true",
                            "id": "vol-0b46efcbcd9607555",
                            "kms_key_id": "arn:aws:kms:us-west-2:870846026232:key/1ac4e3ea-b4c1-44b7-af4d-79aeb740a0c4",
                            "size": "2000",
                            "snapshot_id": "",
                            "tags.%": "7",
                            "tags.Account_name": "jive-reco-prod",
                            "tags.Jive_service": "upena",
                            "tags.Name": "prod-upena-reader-i3-v2",
                            "tags.Pipeline_phase": "prod",
                            "tags.Region": "us-west-2",
                            "tags.SLA": "prod",
                            "tags.Service_component": "upena-reader",
                            "type": "st1"
                        },
                        "meta": {},
                        "tainted": false
                    },
                    "deposed": [],
                    "provider": ""
                },
                "aws_ebs_volume.upena_reader_i3_v3": {
                    "type": "aws_ebs_volume",
                    "depends_on": [],
                    "primary": {
                        "id": "vol-0f2acae65c147ce1c",
                        "attributes": {
                            "availability_zone": "us-west-2c",
                            "encrypted": "true",
                            "id": "vol-0f2acae65c147ce1c",
                            "kms_key_id": "arn:aws:kms:us-west-2:870846026232:key/1ac4e3ea-b4c1-44b7-af4d-79aeb740a0c4",
                            "size": "2000",
                            "snapshot_id": "",
                            "tags.%": "7",
                            "tags.Account_name": "jive-reco-prod",
                            "tags.Jive_service": "upena",
                            "tags.Name": "prod-upena-reader-i3-v3",
                            "tags.Pipeline_phase": "prod",
                            "tags.Region": "us-west-2",
                            "tags.SLA": "prod",
                            "tags.Service_component": "upena-reader",
                            "type": "st1"
                        },
                        "meta": {},
                        "tainted": false
                    },
                    "deposed": [],
                    "provider": ""
                },
                "aws_ebs_volume.upena_reader_i4_v0": {
                    "type": "aws_ebs_volume",
                    "depends_on": [],
                    "primary": {
                        "id": "vol-0d3c9c894c36eb952",
                        "attributes": {
                            "availability_zone": "us-west-2a",
                            "encrypted": "true",
                            "id": "vol-0d3c9c894c36eb952",
                            "kms_key_id": "arn:aws:kms:us-west-2:870846026232:key/1ac4e3ea-b4c1-44b7-af4d-79aeb740a0c4",
                            "size": "500",
                            "snapshot_id": "",
                            "tags.%": "7",
                            "tags.Account_name": "jive-reco-prod",
                            "tags.Jive_service": "upena",
                            "tags.Name": "prod-upena-reader-i4-v0",
                            "tags.Pipeline_phase": "prod",
                            "tags.Region": "us-west-2",
                            "tags.SLA": "prod",
                            "tags.Service_component": "upena-reader",
                            "type": "st1"
                        },
                        "meta": {},
                        "tainted": false
                    },
                    "deposed": [],
                    "provider": ""
                },
                "aws_ebs_volume.upena_reader_i4_v1": {
                    "type": "aws_ebs_volume",
                    "depends_on": [],
                    "primary": {
                        "id": "vol-0199d3d8e76ef1e0b",
                        "attributes": {
                            "availability_zone": "us-west-2a",
                            "encrypted": "true",
                            "id": "vol-0199d3d8e76ef1e0b",
                            "kms_key_id": "arn:aws:kms:us-west-2:870846026232:key/1ac4e3ea-b4c1-44b7-af4d-79aeb740a0c4",
                            "size": "2000",
                            "snapshot_id": "",
                            "tags.%": "7",
                            "tags.Account_name": "jive-reco-prod",
                            "tags.Jive_service": "upena",
                            "tags.Name": "prod-upena-reader-i4-v1",
                            "tags.Pipeline_phase": "prod",
                            "tags.Region": "us-west-2",
                            "tags.SLA": "prod",
                            "tags.Service_component": "upena-reader",
                            "type": "st1"
                        },
                        "meta": {},
                        "tainted": false
                    },
                    "deposed": [],
                    "provider": ""
                },
                "aws_ebs_volume.upena_reader_i4_v2": {
                    "type": "aws_ebs_volume",
                    "depends_on": [],
                    "primary": {
                        "id": "vol-09137ce66c9ddb977",
                        "attributes": {
                            "availability_zone": "us-west-2a",
                            "encrypted": "true",
                            "id": "vol-09137ce66c9ddb977",
                            "kms_key_id": "arn:aws:kms:us-west-2:870846026232:key/1ac4e3ea-b4c1-44b7-af4d-79aeb740a0c4",
                            "size": "2000",
                            "snapshot_id": "",
                            "tags.%": "7",
                            "tags.Account_name": "jive-reco-prod",
                            "tags.Jive_service": "upena",
                            "tags.Name": "prod-upena-reader-i4-v2",
                            "tags.Pipeline_phase": "prod",
                            "tags.Region": "us-west-2",
                            "tags.SLA": "prod",
                            "tags.Service_component": "upena-reader",
                            "type": "st1"
                        },
                        "meta": {},
                        "tainted": false
                    },
                    "deposed": [],
                    "provider": ""
                },
                "aws_ebs_volume.upena_reader_i4_v3": {
                    "type": "aws_ebs_volume",
                    "depends_on": [],
                    "primary": {
                        "id": "vol-012ef54896a132be1",
                        "attributes": {
                            "availability_zone": "us-west-2a",
                            "encrypted": "true",
                            "id": "vol-012ef54896a132be1",
                            "kms_key_id": "arn:aws:kms:us-west-2:870846026232:key/1ac4e3ea-b4c1-44b7-af4d-79aeb740a0c4",
                            "size": "2000",
                            "snapshot_id": "",
                            "tags.%": "7",
                            "tags.Account_name": "jive-reco-prod",
                            "tags.Jive_service": "upena",
                            "tags.Name": "prod-upena-reader-i4-v3",
                            "tags.Pipeline_phase": "prod",
                            "tags.Region": "us-west-2",
                            "tags.SLA": "prod",
                            "tags.Service_component": "upena-reader",
                            "type": "st1"
                        },
                        "meta": {},
                        "tainted": false
                    },
                    "deposed": [],
                    "provider": ""
                },
                "aws_ebs_volume.upena_reader_i5_v0": {
                    "type": "aws_ebs_volume",
                    "depends_on": [],
                    "primary": {
                        "id": "vol-040c1612eaf89f9f9",
                        "attributes": {
                            "availability_zone": "us-west-2b",
                            "encrypted": "true",
                            "id": "vol-040c1612eaf89f9f9",
                            "kms_key_id": "arn:aws:kms:us-west-2:870846026232:key/1ac4e3ea-b4c1-44b7-af4d-79aeb740a0c4",
                            "size": "500",
                            "snapshot_id": "",
                            "tags.%": "7",
                            "tags.Account_name": "jive-reco-prod",
                            "tags.Jive_service": "upena",
                            "tags.Name": "prod-upena-reader-i5-v0",
                            "tags.Pipeline_phase": "prod",
                            "tags.Region": "us-west-2",
                            "tags.SLA": "prod",
                            "tags.Service_component": "upena-reader",
                            "type": "st1"
                        },
                        "meta": {},
                        "tainted": false
                    },
                    "deposed": [],
                    "provider": ""
                },
                "aws_ebs_volume.upena_reader_i5_v1": {
                    "type": "aws_ebs_volume",
                    "depends_on": [],
                    "primary": {
                        "id": "vol-0ab7b678c09633771",
                        "attributes": {
                            "availability_zone": "us-west-2b",
                            "encrypted": "true",
                            "id": "vol-0ab7b678c09633771",
                            "kms_key_id": "arn:aws:kms:us-west-2:870846026232:key/1ac4e3ea-b4c1-44b7-af4d-79aeb740a0c4",
                            "size": "2000",
                            "snapshot_id": "",
                            "tags.%": "7",
                            "tags.Account_name": "jive-reco-prod",
                            "tags.Jive_service": "upena",
                            "tags.Name": "prod-upena-reader-i5-v1",
                            "tags.Pipeline_phase": "prod",
                            "tags.Region": "us-west-2",
                            "tags.SLA": "prod",
                            "tags.Service_component": "upena-reader",
                            "type": "st1"
                        },
                        "meta": {},
                        "tainted": false
                    },
                    "deposed": [],
                    "provider": ""
                },
                "aws_ebs_volume.upena_reader_i5_v2": {
                    "type": "aws_ebs_volume",
                    "depends_on": [],
                    "primary": {
                        "id": "vol-09120e1f59a14e328",
                        "attributes": {
                            "availability_zone": "us-west-2b",
                            "encrypted": "true",
                            "id": "vol-09120e1f59a14e328",
                            "kms_key_id": "arn:aws:kms:us-west-2:870846026232:key/1ac4e3ea-b4c1-44b7-af4d-79aeb740a0c4",
                            "size": "2000",
                            "snapshot_id": "",
                            "tags.%": "7",
                            "tags.Account_name": "jive-reco-prod",
                            "tags.Jive_service": "upena",
                            "tags.Name": "prod-upena-reader-i5-v2",
                            "tags.Pipeline_phase": "prod",
                            "tags.Region": "us-west-2",
                            "tags.SLA": "prod",
                            "tags.Service_component": "upena-reader",
                            "type": "st1"
                        },
                        "meta": {},
                        "tainted": false
                    },
                    "deposed": [],
                    "provider": ""
                },
                "aws_ebs_volume.upena_reader_i5_v3": {
                    "type": "aws_ebs_volume",
                    "depends_on": [],
                    "primary": {
                        "id": "vol-0454809e6fdea578a",
                        "attributes": {
                            "availability_zone": "us-west-2b",
                            "encrypted": "true",
                            "id": "vol-0454809e6fdea578a",
                            "kms_key_id": "arn:aws:kms:us-west-2:870846026232:key/1ac4e3ea-b4c1-44b7-af4d-79aeb740a0c4",
                            "size": "2000",
                            "snapshot_id": "",
                            "tags.%": "7",
                            "tags.Account_name": "jive-reco-prod",
                            "tags.Jive_service": "upena",
                            "tags.Name": "prod-upena-reader-i5-v3",
                            "tags.Pipeline_phase": "prod",
                            "tags.Region": "us-west-2",
                            "tags.SLA": "prod",
                            "tags.Service_component": "upena-reader",
                            "type": "st1"
                        },
                        "meta": {},
                        "tainted": false
                    },
                    "deposed": [],
                    "provider": ""
                },
                "aws_ebs_volume.upena_reader_i6_v0": {
                    "type": "aws_ebs_volume",
                    "depends_on": [],
                    "primary": {
                        "id": "vol-00aab115a61e4b750",
                        "attributes": {
                            "availability_zone": "us-west-2c",
                            "encrypted": "true",
                            "id": "vol-00aab115a61e4b750",
                            "kms_key_id": "arn:aws:kms:us-west-2:870846026232:key/1ac4e3ea-b4c1-44b7-af4d-79aeb740a0c4",
                            "size": "500",
                            "snapshot_id": "",
                            "tags.%": "7",
                            "tags.Account_name": "jive-reco-prod",
                            "tags.Jive_service": "upena",
                            "tags.Name": "prod-upena-reader-i6-v0",
                            "tags.Pipeline_phase": "prod",
                            "tags.Region": "us-west-2",
                            "tags.SLA": "prod",
                            "tags.Service_component": "upena-reader",
                            "type": "st1"
                        },
                        "meta": {},
                        "tainted": false
                    },
                    "deposed": [],
                    "provider": ""
                },
                "aws_ebs_volume.upena_reader_i6_v1": {
                    "type": "aws_ebs_volume",
                    "depends_on": [],
                    "primary": {
                        "id": "vol-03030de1d79c0d8df",
                        "attributes": {
                            "availability_zone": "us-west-2c",
                            "encrypted": "true",
                            "id": "vol-03030de1d79c0d8df",
                            "kms_key_id": "arn:aws:kms:us-west-2:870846026232:key/1ac4e3ea-b4c1-44b7-af4d-79aeb740a0c4",
                            "size": "2000",
                            "snapshot_id": "",
                            "tags.%": "7",
                            "tags.Account_name": "jive-reco-prod",
                            "tags.Jive_service": "upena",
                            "tags.Name": "prod-upena-reader-i6-v1",
                            "tags.Pipeline_phase": "prod",
                            "tags.Region": "us-west-2",
                            "tags.SLA": "prod",
                            "tags.Service_component": "upena-reader",
                            "type": "st1"
                        },
                        "meta": {},
                        "tainted": false
                    },
                    "deposed": [],
                    "provider": ""
                },
                "aws_ebs_volume.upena_reader_i6_v2": {
                    "type": "aws_ebs_volume",
                    "depends_on": [],
                    "primary": {
                        "id": "vol-001c37305d8a8f1f2",
                        "attributes": {
                            "availability_zone": "us-west-2c",
                            "encrypted": "true",
                            "id": "vol-001c37305d8a8f1f2",
                            "kms_key_id": "arn:aws:kms:us-west-2:870846026232:key/1ac4e3ea-b4c1-44b7-af4d-79aeb740a0c4",
                            "size": "2000",
                            "snapshot_id": "",
                            "tags.%": "7",
                            "tags.Account_name": "jive-reco-prod",
                            "tags.Jive_service": "upena",
                            "tags.Name": "prod-upena-reader-i6-v2",
                            "tags.Pipeline_phase": "prod",
                            "tags.Region": "us-west-2",
                            "tags.SLA": "prod",
                            "tags.Service_component": "upena-reader",
                            "type": "st1"
                        },
                        "meta": {},
                        "tainted": false
                    },
                    "deposed": [],
                    "provider": ""
                },
                "aws_ebs_volume.upena_reader_i6_v3": {
                    "type": "aws_ebs_volume",
                    "depends_on": [],
                    "primary": {
                        "id": "vol-09246a511a8327756",
                        "attributes": {
                            "availability_zone": "us-west-2c",
                            "encrypted": "true",
                            "id": "vol-09246a511a8327756",
                            "kms_key_id": "arn:aws:kms:us-west-2:870846026232:key/1ac4e3ea-b4c1-44b7-af4d-79aeb740a0c4",
                            "size": "2000",
                            "snapshot_id": "",
                            "tags.%": "7",
                            "tags.Account_name": "jive-reco-prod",
                            "tags.Jive_service": "upena",
                            "tags.Name": "prod-upena-reader-i6-v3",
                            "tags.Pipeline_phase": "prod",
                            "tags.Region": "us-west-2",
                            "tags.SLA": "prod",
                            "tags.Service_component": "upena-reader",
                            "type": "st1"
                        },
                        "meta": {},
                        "tainted": false
                    },
                    "deposed": [],
                    "provider": ""
                },
                "aws_ebs_volume.upena_reader_i7_v0": {
                    "type": "aws_ebs_volume",
                    "depends_on": [],
                    "primary": {
                        "id": "vol-0d4c7967cff7d0c80",
                        "attributes": {
                            "availability_zone": "us-west-2a",
                            "encrypted": "true",
                            "id": "vol-0d4c7967cff7d0c80",
                            "kms_key_id": "arn:aws:kms:us-west-2:870846026232:key/1ac4e3ea-b4c1-44b7-af4d-79aeb740a0c4",
                            "size": "500",
                            "snapshot_id": "",
                            "tags.%": "7",
                            "tags.Account_name": "jive-reco-prod",
                            "tags.Jive_service": "upena",
                            "tags.Name": "prod-upena-reader-i7-v0",
                            "tags.Pipeline_phase": "prod",
                            "tags.Region": "us-west-2",
                            "tags.SLA": "prod",
                            "tags.Service_component": "upena-reader",
                            "type": "st1"
                        },
                        "meta": {},
                        "tainted": false
                    },
                    "deposed": [],
                    "provider": ""
                },
                "aws_ebs_volume.upena_reader_i7_v1": {
                    "type": "aws_ebs_volume",
                    "depends_on": [],
                    "primary": {
                        "id": "vol-016bce72ff9d38451",
                        "attributes": {
                            "availability_zone": "us-west-2a",
                            "encrypted": "true",
                            "id": "vol-016bce72ff9d38451",
                            "kms_key_id": "arn:aws:kms:us-west-2:870846026232:key/1ac4e3ea-b4c1-44b7-af4d-79aeb740a0c4",
                            "size": "2000",
                            "snapshot_id": "",
                            "tags.%": "7",
                            "tags.Account_name": "jive-reco-prod",
                            "tags.Jive_service": "upena",
                            "tags.Name": "prod-upena-reader-i7-v1",
                            "tags.Pipeline_phase": "prod",
                            "tags.Region": "us-west-2",
                            "tags.SLA": "prod",
                            "tags.Service_component": "upena-reader",
                            "type": "st1"
                        },
                        "meta": {},
                        "tainted": false
                    },
                    "deposed": [],
                    "provider": ""
                },
                "aws_ebs_volume.upena_reader_i7_v2": {
                    "type": "aws_ebs_volume",
                    "depends_on": [],
                    "primary": {
                        "id": "vol-0ac5b694bb9f01a0f",
                        "attributes": {
                            "availability_zone": "us-west-2a",
                            "encrypted": "true",
                            "id": "vol-0ac5b694bb9f01a0f",
                            "kms_key_id": "arn:aws:kms:us-west-2:870846026232:key/1ac4e3ea-b4c1-44b7-af4d-79aeb740a0c4",
                            "size": "2000",
                            "snapshot_id": "",
                            "tags.%": "7",
                            "tags.Account_name": "jive-reco-prod",
                            "tags.Jive_service": "upena",
                            "tags.Name": "prod-upena-reader-i7-v2",
                            "tags.Pipeline_phase": "prod",
                            "tags.Region": "us-west-2",
                            "tags.SLA": "prod",
                            "tags.Service_component": "upena-reader",
                            "type": "st1"
                        },
                        "meta": {},
                        "tainted": false
                    },
                    "deposed": [],
                    "provider": ""
                },
                "aws_ebs_volume.upena_reader_i7_v3": {
                    "type": "aws_ebs_volume",
                    "depends_on": [],
                    "primary": {
                        "id": "vol-00ff4bde28cb6312e",
                        "attributes": {
                            "availability_zone": "us-west-2a",
                            "encrypted": "true",
                            "id": "vol-00ff4bde28cb6312e",
                            "kms_key_id": "arn:aws:kms:us-west-2:870846026232:key/1ac4e3ea-b4c1-44b7-af4d-79aeb740a0c4",
                            "size": "2000",
                            "snapshot_id": "",
                            "tags.%": "7",
                            "tags.Account_name": "jive-reco-prod",
                            "tags.Jive_service": "upena",
                            "tags.Name": "prod-upena-reader-i7-v3",
                            "tags.Pipeline_phase": "prod",
                            "tags.Region": "us-west-2",
                            "tags.SLA": "prod",
                            "tags.Service_component": "upena-reader",
                            "type": "st1"
                        },
                        "meta": {},
                        "tainted": false
                    },
                    "deposed": [],
                    "provider": ""
                },
                "aws_ebs_volume.upena_reader_i8_v0": {
                    "type": "aws_ebs_volume",
                    "depends_on": [],
                    "primary": {
                        "id": "vol-0a2f0aa9ef7147258",
                        "attributes": {
                            "availability_zone": "us-west-2b",
                            "encrypted": "true",
                            "id": "vol-0a2f0aa9ef7147258",
                            "kms_key_id": "arn:aws:kms:us-west-2:870846026232:key/1ac4e3ea-b4c1-44b7-af4d-79aeb740a0c4",
                            "size": "500",
                            "snapshot_id": "",
                            "tags.%": "7",
                            "tags.Account_name": "jive-reco-prod",
                            "tags.Jive_service": "upena",
                            "tags.Name": "prod-upena-reader-i8-v0",
                            "tags.Pipeline_phase": "prod",
                            "tags.Region": "us-west-2",
                            "tags.SLA": "prod",
                            "tags.Service_component": "upena-reader",
                            "type": "st1"
                        },
                        "meta": {},
                        "tainted": false
                    },
                    "deposed": [],
                    "provider": ""
                },
                "aws_ebs_volume.upena_reader_i8_v1": {
                    "type": "aws_ebs_volume",
                    "depends_on": [],
                    "primary": {
                        "id": "vol-02f4415b1dfc547f5",
                        "attributes": {
                            "availability_zone": "us-west-2b",
                            "encrypted": "true",
                            "id": "vol-02f4415b1dfc547f5",
                            "kms_key_id": "arn:aws:kms:us-west-2:870846026232:key/1ac4e3ea-b4c1-44b7-af4d-79aeb740a0c4",
                            "size": "2000",
                            "snapshot_id": "",
                            "tags.%": "7",
                            "tags.Account_name": "jive-reco-prod",
                            "tags.Jive_service": "upena",
                            "tags.Name": "prod-upena-reader-i8-v1",
                            "tags.Pipeline_phase": "prod",
                            "tags.Region": "us-west-2",
                            "tags.SLA": "prod",
                            "tags.Service_component": "upena-reader",
                            "type": "st1"
                        },
                        "meta": {},
                        "tainted": false
                    },
                    "deposed": [],
                    "provider": ""
                },
                "aws_ebs_volume.upena_reader_i8_v2": {
                    "type": "aws_ebs_volume",
                    "depends_on": [],
                    "primary": {
                        "id": "vol-0b5ea47b713fb7835",
                        "attributes": {
                            "availability_zone": "us-west-2b",
                            "encrypted": "true",
                            "id": "vol-0b5ea47b713fb7835",
                            "kms_key_id": "arn:aws:kms:us-west-2:870846026232:key/1ac4e3ea-b4c1-44b7-af4d-79aeb740a0c4",
                            "size": "2000",
                            "snapshot_id": "",
                            "tags.%": "7",
                            "tags.Account_name": "jive-reco-prod",
                            "tags.Jive_service": "upena",
                            "tags.Name": "prod-upena-reader-i8-v2",
                            "tags.Pipeline_phase": "prod",
                            "tags.Region": "us-west-2",
                            "tags.SLA": "prod",
                            "tags.Service_component": "upena-reader",
                            "type": "st1"
                        },
                        "meta": {},
                        "tainted": false
                    },
                    "deposed": [],
                    "provider": ""
                },
                "aws_ebs_volume.upena_reader_i8_v3": {
                    "type": "aws_ebs_volume",
                    "depends_on": [],
                    "primary": {
                        "id": "vol-0ce537009581a78db",
                        "attributes": {
                            "availability_zone": "us-west-2b",
                            "encrypted": "true",
                            "id": "vol-0ce537009581a78db",
                            "kms_key_id": "arn:aws:kms:us-west-2:870846026232:key/1ac4e3ea-b4c1-44b7-af4d-79aeb740a0c4",
                            "size": "2000",
                            "snapshot_id": "",
                            "tags.%": "7",
                            "tags.Account_name": "jive-reco-prod",
                            "tags.Jive_service": "upena",
                            "tags.Name": "prod-upena-reader-i8-v3",
                            "tags.Pipeline_phase": "prod",
                            "tags.Region": "us-west-2",
                            "tags.SLA": "prod",
                            "tags.Service_component": "upena-reader",
                            "type": "st1"
                        },
                        "meta": {},
                        "tainted": false
                    },
                    "deposed": [],
                    "provider": ""
                },
                "aws_ebs_volume.upena_reader_i9_v0": {
                    "type": "aws_ebs_volume",
                    "depends_on": [],
                    "primary": {
                        "id": "vol-0e0c4f1b514394ade",
                        "attributes": {
                            "availability_zone": "us-west-2c",
                            "encrypted": "true",
                            "id": "vol-0e0c4f1b514394ade",
                            "kms_key_id": "arn:aws:kms:us-west-2:870846026232:key/1ac4e3ea-b4c1-44b7-af4d-79aeb740a0c4",
                            "size": "500",
                            "snapshot_id": "",
                            "tags.%": "7",
                            "tags.Account_name": "jive-reco-prod",
                            "tags.Jive_service": "upena",
                            "tags.Name": "prod-upena-reader-i9-v0",
                            "tags.Pipeline_phase": "prod",
                            "tags.Region": "us-west-2",
                            "tags.SLA": "prod",
                            "tags.Service_component": "upena-reader",
                            "type": "st1"
                        },
                        "meta": {},
                        "tainted": false
                    },
                    "deposed": [],
                    "provider": ""
                },
                "aws_ebs_volume.upena_reader_i9_v1": {
                    "type": "aws_ebs_volume",
                    "depends_on": [],
                    "primary": {
                        "id": "vol-04c4d8727ba2e3d50",
                        "attributes": {
                            "availability_zone": "us-west-2c",
                            "encrypted": "true",
                            "id": "vol-04c4d8727ba2e3d50",
                            "kms_key_id": "arn:aws:kms:us-west-2:870846026232:key/1ac4e3ea-b4c1-44b7-af4d-79aeb740a0c4",
                            "size": "2000",
                            "snapshot_id": "",
                            "tags.%": "7",
                            "tags.Account_name": "jive-reco-prod",
                            "tags.Jive_service": "upena",
                            "tags.Name": "prod-upena-reader-i9-v1",
                            "tags.Pipeline_phase": "prod",
                            "tags.Region": "us-west-2",
                            "tags.SLA": "prod",
                            "tags.Service_component": "upena-reader",
                            "type": "st1"
                        },
                        "meta": {},
                        "tainted": false
                    },
                    "deposed": [],
                    "provider": ""
                },
                "aws_ebs_volume.upena_reader_i9_v2": {
                    "type": "aws_ebs_volume",
                    "depends_on": [],
                    "primary": {
                        "id": "vol-0850079d97521c713",
                        "attributes": {
                            "availability_zone": "us-west-2c",
                            "encrypted": "true",
                            "id": "vol-0850079d97521c713",
                            "kms_key_id": "arn:aws:kms:us-west-2:870846026232:key/1ac4e3ea-b4c1-44b7-af4d-79aeb740a0c4",
                            "size": "2000",
                            "snapshot_id": "",
                            "tags.%": "7",
                            "tags.Account_name": "jive-reco-prod",
                            "tags.Jive_service": "upena",
                            "tags.Name": "prod-upena-reader-i9-v2",
                            "tags.Pipeline_phase": "prod",
                            "tags.Region": "us-west-2",
                            "tags.SLA": "prod",
                            "tags.Service_component": "upena-reader",
                            "type": "st1"
                        },
                        "meta": {},
                        "tainted": false
                    },
                    "deposed": [],
                    "provider": ""
                },
                "aws_ebs_volume.upena_reader_i9_v3": {
                    "type": "aws_ebs_volume",
                    "depends_on": [],
                    "primary": {
                        "id": "vol-06760af73e0e6122a",
                        "attributes": {
                            "availability_zone": "us-west-2c",
                            "encrypted": "true",
                            "id": "vol-06760af73e0e6122a",
                            "kms_key_id": "arn:aws:kms:us-west-2:870846026232:key/1ac4e3ea-b4c1-44b7-af4d-79aeb740a0c4",
                            "size": "2000",
                            "snapshot_id": "",
                            "tags.%": "7",
                            "tags.Account_name": "jive-reco-prod",
                            "tags.Jive_service": "upena",
                            "tags.Name": "prod-upena-reader-i9-v3",
                            "tags.Pipeline_phase": "prod",
                            "tags.Region": "us-west-2",
                            "tags.SLA": "prod",
                            "tags.Service_component": "upena-reader",
                            "type": "st1"
                        },
                        "meta": {},
                        "tainted": false
                    },
                    "deposed": [],
                    "provider": ""
                },
                "aws_instance.upena_reader_i1": {
                    "type": "aws_instance",
                    "depends_on": [
                        "aws_security_group.upena_reader_sg"
                    ],
                    "primary": {
                        "id": "i-01b32aa2acd69f0f0",
                        "attributes": {
                            "ami": "ami-1e299d7e",
                            "associate_public_ip_address": "false",
                            "availability_zone": "us-west-2a",
                            "disable_api_termination": "false",
                            "ebs_block_device.#": "4",
                            "ebs_block_device.2630216116.delete_on_termination": "false",
                            "ebs_block_device.2630216116.device_name": "/dev/sde",
                            "ebs_block_device.2630216116.encrypted": "true",
                            "ebs_block_device.2630216116.iops": "0",
                            "ebs_block_device.2630216116.snapshot_id": "",
                            "ebs_block_device.2630216116.volume_size": "2000",
                            "ebs_block_device.2630216116.volume_type": "st1",
                            "ebs_block_device.2634515331.delete_on_termination": "false",
                            "ebs_block_device.2634515331.device_name": "/dev/sdd",
                            "ebs_block_device.2634515331.encrypted": "true",
                            "ebs_block_device.2634515331.iops": "0",
                            "ebs_block_device.2634515331.snapshot_id": "",
                            "ebs_block_device.2634515331.volume_size": "500",
                            "ebs_block_device.2634515331.volume_type": "st1",
                            "ebs_block_device.2659407853.delete_on_termination": "false",
                            "ebs_block_device.2659407853.device_name": "/dev/sdf",
                            "ebs_block_device.2659407853.encrypted": "true",
                            "ebs_block_device.2659407853.iops": "0",
                            "ebs_block_device.2659407853.snapshot_id": "",
                            "ebs_block_device.2659407853.volume_size": "2000",
                            "ebs_block_device.2659407853.volume_type": "st1",
                            "ebs_block_device.2671853018.delete_on_termination": "false",
                            "ebs_block_device.2671853018.device_name": "/dev/sdg",
                            "ebs_block_device.2671853018.encrypted": "true",
                            "ebs_block_device.2671853018.iops": "0",
                            "ebs_block_device.2671853018.snapshot_id": "",
                            "ebs_block_device.2671853018.volume_size": "2000",
                            "ebs_block_device.2671853018.volume_type": "st1",
                            "ebs_optimized": "true",
                            "ephemeral_block_device.#": "0",
                            "iam_instance_profile": "upena-profile",
                            "id": "i-01b32aa2acd69f0f0",
                            "instance_state": "running",
                            "instance_type": "r4.xlarge",
                            "key_name": "reco-prod",
                            "monitoring": "false",
                            "network_interface_id": "eni-eb8f13a8",
                            "private_dns": "ip-10-126-98-170.us-west-2.compute.internal",
                            "private_ip": "10.126.98.170",
                            "public_dns": "",
                            "public_ip": "",
                            "root_block_device.#": "1",
                            "root_block_device.0.delete_on_termination": "true",
                            "root_block_device.0.iops": "0",
                            "root_block_device.0.volume_size": "8",
                            "root_block_device.0.volume_type": "standard",
                            "security_groups.#": "0",
                            "source_dest_check": "true",
                            "subnet_id": "subnet-4ba5703d",
                            "tags.%": "7",
                            "tags.Account_name": "jive-reco-prod",
                            "tags.Jive_service": "upena",
                            "tags.Name": "prod-upena-reader-i1",
                            "tags.Pipeline_phase": "prod",
                            "tags.Region": "us-west-2",
                            "tags.SLA": "prod",
                            "tags.Service_component": "upena-reader",
                            "tenancy": "default",
                            "user_data": "50f17a6874daa70625669dc3325f5aeeabefe184",
                            "vpc_security_group_ids.#": "2",
                            "vpc_security_group_ids.1196698164": "sg-f0914c88",
                            "vpc_security_group_ids.744384824": "sg-77687f10"
                        },
                        "meta": {
                            "schema_version": "1"
                        },
                        "tainted": false
                    },
                    "deposed": [],
                    "provider": ""
                },
                "aws_instance.upena_reader_i2": {
                    "type": "aws_instance",
                    "depends_on": [
                        "aws_security_group.upena_reader_sg"
                    ],
                    "primary": {
                        "id": "i-095b47e8322f6de6c",
                        "attributes": {
                            "ami": "ami-1e299d7e",
                            "associate_public_ip_address": "false",
                            "availability_zone": "us-west-2b",
                            "disable_api_termination": "false",
                            "ebs_block_device.#": "4",
                            "ebs_block_device.2630216116.delete_on_termination": "false",
                            "ebs_block_device.2630216116.device_name": "/dev/sde",
                            "ebs_block_device.2630216116.encrypted": "true",
                            "ebs_block_device.2630216116.iops": "0",
                            "ebs_block_device.2630216116.snapshot_id": "",
                            "ebs_block_device.2630216116.volume_size": "2000",
                            "ebs_block_device.2630216116.volume_type": "st1",
                            "ebs_block_device.2634515331.delete_on_termination": "false",
                            "ebs_block_device.2634515331.device_name": "/dev/sdd",
                            "ebs_block_device.2634515331.encrypted": "true",
                            "ebs_block_device.2634515331.iops": "0",
                            "ebs_block_device.2634515331.snapshot_id": "",
                            "ebs_block_device.2634515331.volume_size": "500",
                            "ebs_block_device.2634515331.volume_type": "st1",
                            "ebs_block_device.2659407853.delete_on_termination": "false",
                            "ebs_block_device.2659407853.device_name": "/dev/sdf",
                            "ebs_block_device.2659407853.encrypted": "true",
                            "ebs_block_device.2659407853.iops": "0",
                            "ebs_block_device.2659407853.snapshot_id": "",
                            "ebs_block_device.2659407853.volume_size": "2000",
                            "ebs_block_device.2659407853.volume_type": "st1",
                            "ebs_block_device.2671853018.delete_on_termination": "false",
                            "ebs_block_device.2671853018.device_name": "/dev/sdg",
                            "ebs_block_device.2671853018.encrypted": "true",
                            "ebs_block_device.2671853018.iops": "0",
                            "ebs_block_device.2671853018.snapshot_id": "",
                            "ebs_block_device.2671853018.volume_size": "2000",
                            "ebs_block_device.2671853018.volume_type": "st1",
                            "ebs_optimized": "true",
                            "ephemeral_block_device.#": "0",
                            "iam_instance_profile": "upena-profile",
                            "id": "i-095b47e8322f6de6c",
                            "instance_state": "running",
                            "instance_type": "r4.xlarge",
                            "key_name": "reco-prod",
                            "monitoring": "false",
                            "network_interface_id": "eni-a7fbe5d6",
                            "private_dns": "ip-10-126-102-68.us-west-2.compute.internal",
                            "private_ip": "10.126.102.68",
                            "public_dns": "",
                            "public_ip": "",
                            "root_block_device.#": "1",
                            "root_block_device.0.delete_on_termination": "true",
                            "root_block_device.0.iops": "0",
                            "root_block_device.0.volume_size": "8",
                            "root_block_device.0.volume_type": "standard",
                            "security_groups.#": "0",
                            "source_dest_check": "true",
                            "subnet_id": "subnet-6178c805",
                            "tags.%": "7",
                            "tags.Account_name": "jive-reco-prod",
                            "tags.Jive_service": "upena",
                            "tags.Name": "prod-upena-reader-i2",
                            "tags.Pipeline_phase": "prod",
                            "tags.Region": "us-west-2",
                            "tags.SLA": "prod",
                            "tags.Service_component": "upena-reader",
                            "tenancy": "default",
                            "user_data": "50f17a6874daa70625669dc3325f5aeeabefe184",
                            "vpc_security_group_ids.#": "2",
                            "vpc_security_group_ids.1196698164": "sg-f0914c88",
                            "vpc_security_group_ids.744384824": "sg-77687f10"
                        },
                        "meta": {
                            "schema_version": "1"
                        },
                        "tainted": false
                    },
                    "deposed": [],
                    "provider": ""
                },
                "aws_instance.upena_reader_i3": {
                    "type": "aws_instance",
                    "depends_on": [
                        "aws_security_group.upena_reader_sg"
                    ],
                    "primary": {
                        "id": "i-04110fcb451717c37",
                        "attributes": {
                            "ami": "ami-1e299d7e",
                            "associate_public_ip_address": "false",
                            "availability_zone": "us-west-2c",
                            "disable_api_termination": "false",
                            "ebs_block_device.#": "4",
                            "ebs_block_device.2630216116.delete_on_termination": "false",
                            "ebs_block_device.2630216116.device_name": "/dev/sde",
                            "ebs_block_device.2630216116.encrypted": "true",
                            "ebs_block_device.2630216116.iops": "0",
                            "ebs_block_device.2630216116.snapshot_id": "",
                            "ebs_block_device.2630216116.volume_size": "2000",
                            "ebs_block_device.2630216116.volume_type": "st1",
                            "ebs_block_device.2634515331.delete_on_termination": "false",
                            "ebs_block_device.2634515331.device_name": "/dev/sdd",
                            "ebs_block_device.2634515331.encrypted": "true",
                            "ebs_block_device.2634515331.iops": "0",
                            "ebs_block_device.2634515331.snapshot_id": "",
                            "ebs_block_device.2634515331.volume_size": "500",
                            "ebs_block_device.2634515331.volume_type": "st1",
                            "ebs_block_device.2659407853.delete_on_termination": "false",
                            "ebs_block_device.2659407853.device_name": "/dev/sdf",
                            "ebs_block_device.2659407853.encrypted": "true",
                            "ebs_block_device.2659407853.iops": "0",
                            "ebs_block_device.2659407853.snapshot_id": "",
                            "ebs_block_device.2659407853.volume_size": "2000",
                            "ebs_block_device.2659407853.volume_type": "st1",
                            "ebs_block_device.2671853018.delete_on_termination": "false",
                            "ebs_block_device.2671853018.device_name": "/dev/sdg",
                            "ebs_block_device.2671853018.encrypted": "true",
                            "ebs_block_device.2671853018.iops": "0",
                            "ebs_block_device.2671853018.snapshot_id": "",
                            "ebs_block_device.2671853018.volume_size": "2000",
                            "ebs_block_device.2671853018.volume_type": "st1",
                            "ebs_optimized": "true",
                            "ephemeral_block_device.#": "0",
                            "iam_instance_profile": "upena-profile",
                            "id": "i-04110fcb451717c37",
                            "instance_state": "running",
                            "instance_type": "r4.xlarge",
                            "key_name": "reco-prod",
                            "monitoring": "false",
                            "network_interface_id": "eni-78dbec28",
                            "private_dns": "ip-10-126-107-52.us-west-2.compute.internal",
                            "private_ip": "10.126.107.52",
                            "public_dns": "",
                            "public_ip": "",
                            "root_block_device.#": "1",
                            "root_block_device.0.delete_on_termination": "true",
                            "root_block_device.0.iops": "0",
                            "root_block_device.0.volume_size": "8",
                            "root_block_device.0.volume_type": "standard",
                            "security_groups.#": "0",
                            "source_dest_check": "true",
                            "subnet_id": "subnet-6be90c33",
                            "tags.%": "7",
                            "tags.Account_name": "jive-reco-prod",
                            "tags.Jive_service": "upena",
                            "tags.Name": "prod-upena-reader-i3",
                            "tags.Pipeline_phase": "prod",
                            "tags.Region": "us-west-2",
                            "tags.SLA": "prod",
                            "tags.Service_component": "upena-reader",
                            "tenancy": "default",
                            "user_data": "50f17a6874daa70625669dc3325f5aeeabefe184",
                            "vpc_security_group_ids.#": "2",
                            "vpc_security_group_ids.1196698164": "sg-f0914c88",
                            "vpc_security_group_ids.744384824": "sg-77687f10"
                        },
                        "meta": {
                            "schema_version": "1"
                        },
                        "tainted": false
                    },
                    "deposed": [],
                    "provider": ""
                },
                "aws_instance.upena_reader_i4": {
                    "type": "aws_instance",
                    "depends_on": [
                        "aws_security_group.upena_reader_sg"
                    ],
                    "primary": {
                        "id": "i-0aafe61403abd2f63",
                        "attributes": {
                            "ami": "ami-1e299d7e",
                            "associate_public_ip_address": "false",
                            "availability_zone": "us-west-2a",
                            "disable_api_termination": "false",
                            "ebs_block_device.#": "4",
                            "ebs_block_device.2630216116.delete_on_termination": "false",
                            "ebs_block_device.2630216116.device_name": "/dev/sde",
                            "ebs_block_device.2630216116.encrypted": "true",
                            "ebs_block_device.2630216116.iops": "0",
                            "ebs_block_device.2630216116.snapshot_id": "",
                            "ebs_block_device.2630216116.volume_size": "2000",
                            "ebs_block_device.2630216116.volume_type": "st1",
                            "ebs_block_device.2634515331.delete_on_termination": "false",
                            "ebs_block_device.2634515331.device_name": "/dev/sdd",
                            "ebs_block_device.2634515331.encrypted": "true",
                            "ebs_block_device.2634515331.iops": "0",
                            "ebs_block_device.2634515331.snapshot_id": "",
                            "ebs_block_device.2634515331.volume_size": "500",
                            "ebs_block_device.2634515331.volume_type": "st1",
                            "ebs_block_device.2659407853.delete_on_termination": "false",
                            "ebs_block_device.2659407853.device_name": "/dev/sdf",
                            "ebs_block_device.2659407853.encrypted": "true",
                            "ebs_block_device.2659407853.iops": "0",
                            "ebs_block_device.2659407853.snapshot_id": "",
                            "ebs_block_device.2659407853.volume_size": "2000",
                            "ebs_block_device.2659407853.volume_type": "st1",
                            "ebs_block_device.2671853018.delete_on_termination": "false",
                            "ebs_block_device.2671853018.device_name": "/dev/sdg",
                            "ebs_block_device.2671853018.encrypted": "true",
                            "ebs_block_device.2671853018.iops": "0",
                            "ebs_block_device.2671853018.snapshot_id": "",
                            "ebs_block_device.2671853018.volume_size": "2000",
                            "ebs_block_device.2671853018.volume_type": "st1",
                            "ebs_optimized": "true",
                            "ephemeral_block_device.#": "0",
                            "iam_instance_profile": "upena-profile",
                            "id": "i-0aafe61403abd2f63",
                            "instance_state": "running",
                            "instance_type": "r4.xlarge",
                            "key_name": "reco-prod",
                            "monitoring": "false",
                            "network_interface_id": "eni-9b8814d8",
                            "private_dns": "ip-10-126-98-148.us-west-2.compute.internal",
                            "private_ip": "10.126.98.148",
                            "public_dns": "",
                            "public_ip": "",
                            "root_block_device.#": "1",
                            "root_block_device.0.delete_on_termination": "true",
                            "root_block_device.0.iops": "0",
                            "root_block_device.0.volume_size": "8",
                            "root_block_device.0.volume_type": "standard",
                            "security_groups.#": "0",
                            "source_dest_check": "true",
                            "subnet_id": "subnet-4ba5703d",
                            "tags.%": "7",
                            "tags.Account_name": "jive-reco-prod",
                            "tags.Jive_service": "upena",
                            "tags.Name": "prod-upena-reader-i4",
                            "tags.Pipeline_phase": "prod",
                            "tags.Region": "us-west-2",
                            "tags.SLA": "prod",
                            "tags.Service_component": "upena-reader",
                            "tenancy": "default",
                            "user_data": "50f17a6874daa70625669dc3325f5aeeabefe184",
                            "vpc_security_group_ids.#": "2",
                            "vpc_security_group_ids.1196698164": "sg-f0914c88",
                            "vpc_security_group_ids.744384824": "sg-77687f10"
                        },
                        "meta": {
                            "schema_version": "1"
                        },
                        "tainted": false
                    },
                    "deposed": [],
                    "provider": ""
                },
                "aws_instance.upena_reader_i5": {
                    "type": "aws_instance",
                    "depends_on": [
                        "aws_security_group.upena_reader_sg"
                    ],
                    "primary": {
                        "id": "i-0d7e65bf8577ff5c0",
                        "attributes": {
                            "ami": "ami-1e299d7e",
                            "associate_public_ip_address": "false",
                            "availability_zone": "us-west-2b",
                            "disable_api_termination": "false",
                            "ebs_block_device.#": "4",
                            "ebs_block_device.2630216116.delete_on_termination": "false",
                            "ebs_block_device.2630216116.device_name": "/dev/sde",
                            "ebs_block_device.2630216116.encrypted": "true",
                            "ebs_block_device.2630216116.iops": "0",
                            "ebs_block_device.2630216116.snapshot_id": "",
                            "ebs_block_device.2630216116.volume_size": "2000",
                            "ebs_block_device.2630216116.volume_type": "st1",
                            "ebs_block_device.2634515331.delete_on_termination": "false",
                            "ebs_block_device.2634515331.device_name": "/dev/sdd",
                            "ebs_block_device.2634515331.encrypted": "true",
                            "ebs_block_device.2634515331.iops": "0",
                            "ebs_block_device.2634515331.snapshot_id": "",
                            "ebs_block_device.2634515331.volume_size": "500",
                            "ebs_block_device.2634515331.volume_type": "st1",
                            "ebs_block_device.2659407853.delete_on_termination": "false",
                            "ebs_block_device.2659407853.device_name": "/dev/sdf",
                            "ebs_block_device.2659407853.encrypted": "true",
                            "ebs_block_device.2659407853.iops": "0",
                            "ebs_block_device.2659407853.snapshot_id": "",
                            "ebs_block_device.2659407853.volume_size": "2000",
                            "ebs_block_device.2659407853.volume_type": "st1",
                            "ebs_block_device.2671853018.delete_on_termination": "false",
                            "ebs_block_device.2671853018.device_name": "/dev/sdg",
                            "ebs_block_device.2671853018.encrypted": "true",
                            "ebs_block_device.2671853018.iops": "0",
                            "ebs_block_device.2671853018.snapshot_id": "",
                            "ebs_block_device.2671853018.volume_size": "2000",
                            "ebs_block_device.2671853018.volume_type": "st1",
                            "ebs_optimized": "true",
                            "ephemeral_block_device.#": "0",
                            "iam_instance_profile": "upena-profile",
                            "id": "i-0d7e65bf8577ff5c0",
                            "instance_state": "running",
                            "instance_type": "r4.xlarge",
                            "key_name": "reco-prod",
                            "monitoring": "false",
                            "network_interface_id": "eni-bff4eace",
                            "private_dns": "ip-10-126-102-1.us-west-2.compute.internal",
                            "private_ip": "10.126.102.1",
                            "public_dns": "",
                            "public_ip": "",
                            "root_block_device.#": "1",
                            "root_block_device.0.delete_on_termination": "true",
                            "root_block_device.0.iops": "0",
                            "root_block_device.0.volume_size": "8",
                            "root_block_device.0.volume_type": "standard",
                            "security_groups.#": "0",
                            "source_dest_check": "true",
                            "subnet_id": "subnet-6178c805",
                            "tags.%": "7",
                            "tags.Account_name": "jive-reco-prod",
                            "tags.Jive_service": "upena",
                            "tags.Name": "prod-upena-reader-i5",
                            "tags.Pipeline_phase": "prod",
                            "tags.Region": "us-west-2",
                            "tags.SLA": "prod",
                            "tags.Service_component": "upena-reader",
                            "tenancy": "default",
                            "user_data": "50f17a6874daa70625669dc3325f5aeeabefe184",
                            "vpc_security_group_ids.#": "2",
                            "vpc_security_group_ids.1196698164": "sg-f0914c88",
                            "vpc_security_group_ids.744384824": "sg-77687f10"
                        },
                        "meta": {
                            "schema_version": "1"
                        },
                        "tainted": false
                    },
                    "deposed": [],
                    "provider": ""
                },
                "aws_instance.upena_reader_i6": {
                    "type": "aws_instance",
                    "depends_on": [
                        "aws_security_group.upena_reader_sg"
                    ],
                    "primary": {
                        "id": "i-0916c353c1bdfc352",
                        "attributes": {
                            "ami": "ami-1e299d7e",
                            "associate_public_ip_address": "false",
                            "availability_zone": "us-west-2c",
                            "disable_api_termination": "false",
                            "ebs_block_device.#": "4",
                            "ebs_block_device.2630216116.delete_on_termination": "false",
                            "ebs_block_device.2630216116.device_name": "/dev/sde",
                            "ebs_block_device.2630216116.encrypted": "true",
                            "ebs_block_device.2630216116.iops": "0",
                            "ebs_block_device.2630216116.snapshot_id": "",
                            "ebs_block_device.2630216116.volume_size": "2000",
                            "ebs_block_device.2630216116.volume_type": "st1",
                            "ebs_block_device.2634515331.delete_on_termination": "false",
                            "ebs_block_device.2634515331.device_name": "/dev/sdd",
                            "ebs_block_device.2634515331.encrypted": "true",
                            "ebs_block_device.2634515331.iops": "0",
                            "ebs_block_device.2634515331.snapshot_id": "",
                            "ebs_block_device.2634515331.volume_size": "500",
                            "ebs_block_device.2634515331.volume_type": "st1",
                            "ebs_block_device.2659407853.delete_on_termination": "false",
                            "ebs_block_device.2659407853.device_name": "/dev/sdf",
                            "ebs_block_device.2659407853.encrypted": "true",
                            "ebs_block_device.2659407853.iops": "0",
                            "ebs_block_device.2659407853.snapshot_id": "",
                            "ebs_block_device.2659407853.volume_size": "2000",
                            "ebs_block_device.2659407853.volume_type": "st1",
                            "ebs_block_device.2671853018.delete_on_termination": "false",
                            "ebs_block_device.2671853018.device_name": "/dev/sdg",
                            "ebs_block_device.2671853018.encrypted": "true",
                            "ebs_block_device.2671853018.iops": "0",
                            "ebs_block_device.2671853018.snapshot_id": "",
                            "ebs_block_device.2671853018.volume_size": "2000",
                            "ebs_block_device.2671853018.volume_type": "st1",
                            "ebs_optimized": "true",
                            "ephemeral_block_device.#": "0",
                            "iam_instance_profile": "upena-profile",
                            "id": "i-0916c353c1bdfc352",
                            "instance_state": "running",
                            "instance_type": "r4.xlarge",
                            "key_name": "reco-prod",
                            "monitoring": "false",
                            "network_interface_id": "eni-66dceb36",
                            "private_dns": "ip-10-126-107-125.us-west-2.compute.internal",
                            "private_ip": "10.126.107.125",
                            "public_dns": "",
                            "public_ip": "",
                            "root_block_device.#": "1",
                            "root_block_device.0.delete_on_termination": "true",
                            "root_block_device.0.iops": "0",
                            "root_block_device.0.volume_size": "8",
                            "root_block_device.0.volume_type": "standard",
                            "security_groups.#": "0",
                            "source_dest_check": "true",
                            "subnet_id": "subnet-6be90c33",
                            "tags.%": "7",
                            "tags.Account_name": "jive-reco-prod",
                            "tags.Jive_service": "upena",
                            "tags.Name": "prod-upena-reader-i6",
                            "tags.Pipeline_phase": "prod",
                            "tags.Region": "us-west-2",
                            "tags.SLA": "prod",
                            "tags.Service_component": "upena-reader",
                            "tenancy": "default",
                            "user_data": "50f17a6874daa70625669dc3325f5aeeabefe184",
                            "vpc_security_group_ids.#": "2",
                            "vpc_security_group_ids.1196698164": "sg-f0914c88",
                            "vpc_security_group_ids.744384824": "sg-77687f10"
                        },
                        "meta": {
                            "schema_version": "1"
                        },
                        "tainted": false
                    },
                    "deposed": [],
                    "provider": ""
                },
                "aws_instance.upena_reader_i7": {
                    "type": "aws_instance",
                    "depends_on": [
                        "aws_security_group.upena_reader_sg"
                    ],
                    "primary": {
                        "id": "i-03202989d0acc68a2",
                        "attributes": {
                            "ami": "ami-1e299d7e",
                            "associate_public_ip_address": "false",
                            "availability_zone": "us-west-2a",
                            "disable_api_termination": "false",
                            "ebs_block_device.#": "4",
                            "ebs_block_device.2630216116.delete_on_termination": "false",
                            "ebs_block_device.2630216116.device_name": "/dev/sde",
                            "ebs_block_device.2630216116.encrypted": "true",
                            "ebs_block_device.2630216116.iops": "0",
                            "ebs_block_device.2630216116.snapshot_id": "",
                            "ebs_block_device.2630216116.volume_size": "2000",
                            "ebs_block_device.2630216116.volume_type": "st1",
                            "ebs_block_device.2634515331.delete_on_termination": "false",
                            "ebs_block_device.2634515331.device_name": "/dev/sdd",
                            "ebs_block_device.2634515331.encrypted": "true",
                            "ebs_block_device.2634515331.iops": "0",
                            "ebs_block_device.2634515331.snapshot_id": "",
                            "ebs_block_device.2634515331.volume_size": "500",
                            "ebs_block_device.2634515331.volume_type": "st1",
                            "ebs_block_device.2659407853.delete_on_termination": "false",
                            "ebs_block_device.2659407853.device_name": "/dev/sdf",
                            "ebs_block_device.2659407853.encrypted": "true",
                            "ebs_block_device.2659407853.iops": "0",
                            "ebs_block_device.2659407853.snapshot_id": "",
                            "ebs_block_device.2659407853.volume_size": "2000",
                            "ebs_block_device.2659407853.volume_type": "st1",
                            "ebs_block_device.2671853018.delete_on_termination": "false",
                            "ebs_block_device.2671853018.device_name": "/dev/sdg",
                            "ebs_block_device.2671853018.encrypted": "true",
                            "ebs_block_device.2671853018.iops": "0",
                            "ebs_block_device.2671853018.snapshot_id": "",
                            "ebs_block_device.2671853018.volume_size": "2000",
                            "ebs_block_device.2671853018.volume_type": "st1",
                            "ebs_optimized": "true",
                            "ephemeral_block_device.#": "0",
                            "iam_instance_profile": "upena-profile",
                            "id": "i-03202989d0acc68a2",
                            "instance_state": "running",
                            "instance_type": "r4.xlarge",
                            "key_name": "reco-prod",
                            "monitoring": "false",
                            "network_interface_id": "eni-788d113b",
                            "private_dns": "ip-10-126-96-255.us-west-2.compute.internal",
                            "private_ip": "10.126.96.255",
                            "public_dns": "",
                            "public_ip": "",
                            "root_block_device.#": "1",
                            "root_block_device.0.delete_on_termination": "true",
                            "root_block_device.0.iops": "0",
                            "root_block_device.0.volume_size": "8",
                            "root_block_device.0.volume_type": "standard",
                            "security_groups.#": "0",
                            "source_dest_check": "true",
                            "subnet_id": "subnet-4ba5703d",
                            "tags.%": "7",
                            "tags.Account_name": "jive-reco-prod",
                            "tags.Jive_service": "upena",
                            "tags.Name": "prod-upena-reader-i7",
                            "tags.Pipeline_phase": "prod",
                            "tags.Region": "us-west-2",
                            "tags.SLA": "prod",
                            "tags.Service_component": "upena-reader",
                            "tenancy": "default",
                            "user_data": "50f17a6874daa70625669dc3325f5aeeabefe184",
                            "vpc_security_group_ids.#": "2",
                            "vpc_security_group_ids.1196698164": "sg-f0914c88",
                            "vpc_security_group_ids.744384824": "sg-77687f10"
                        },
                        "meta": {
                            "schema_version": "1"
                        },
                        "tainted": false
                    },
                    "deposed": [],
                    "provider": ""
                },
                "aws_instance.upena_reader_i8": {
                    "type": "aws_instance",
                    "depends_on": [
                        "aws_security_group.upena_reader_sg"
                    ],
                    "primary": {
                        "id": "i-0dd00fe58a64f9678",
                        "attributes": {
                            "ami": "ami-1e299d7e",
                            "associate_public_ip_address": "false",
                            "availability_zone": "us-west-2b",
                            "disable_api_termination": "false",
                            "ebs_block_device.#": "4",
                            "ebs_block_device.2630216116.delete_on_termination": "false",
                            "ebs_block_device.2630216116.device_name": "/dev/sde",
                            "ebs_block_device.2630216116.encrypted": "true",
                            "ebs_block_device.2630216116.iops": "0",
                            "ebs_block_device.2630216116.snapshot_id": "",
                            "ebs_block_device.2630216116.volume_size": "2000",
                            "ebs_block_device.2630216116.volume_type": "st1",
                            "ebs_block_device.2634515331.delete_on_termination": "false",
                            "ebs_block_device.2634515331.device_name": "/dev/sdd",
                            "ebs_block_device.2634515331.encrypted": "true",
                            "ebs_block_device.2634515331.iops": "0",
                            "ebs_block_device.2634515331.snapshot_id": "",
                            "ebs_block_device.2634515331.volume_size": "500",
                            "ebs_block_device.2634515331.volume_type": "st1",
                            "ebs_block_device.2659407853.delete_on_termination": "false",
                            "ebs_block_device.2659407853.device_name": "/dev/sdf",
                            "ebs_block_device.2659407853.encrypted": "true",
                            "ebs_block_device.2659407853.iops": "0",
                            "ebs_block_device.2659407853.snapshot_id": "",
                            "ebs_block_device.2659407853.volume_size": "2000",
                            "ebs_block_device.2659407853.volume_type": "st1",
                            "ebs_block_device.2671853018.delete_on_termination": "false",
                            "ebs_block_device.2671853018.device_name": "/dev/sdg",
                            "ebs_block_device.2671853018.encrypted": "true",
                            "ebs_block_device.2671853018.iops": "0",
                            "ebs_block_device.2671853018.snapshot_id": "",
                            "ebs_block_device.2671853018.volume_size": "2000",
                            "ebs_block_device.2671853018.volume_type": "st1",
                            "ebs_optimized": "true",
                            "ephemeral_block_device.#": "0",
                            "iam_instance_profile": "upena-profile",
                            "id": "i-0dd00fe58a64f9678",
                            "instance_state": "running",
                            "instance_type": "r4.xlarge",
                            "key_name": "reco-prod",
                            "monitoring": "false",
                            "network_interface_id": "eni-edffe19c",
                            "private_dns": "ip-10-126-103-166.us-west-2.compute.internal",
                            "private_ip": "10.126.103.166",
                            "public_dns": "",
                            "public_ip": "",
                            "root_block_device.#": "1",
                            "root_block_device.0.delete_on_termination": "true",
                            "root_block_device.0.iops": "0",
                            "root_block_device.0.volume_size": "8",
                            "root_block_device.0.volume_type": "standard",
                            "security_groups.#": "0",
                            "source_dest_check": "true",
                            "subnet_id": "subnet-6178c805",
                            "tags.%": "7",
                            "tags.Account_name": "jive-reco-prod",
                            "tags.Jive_service": "upena",
                            "tags.Name": "prod-upena-reader-i8",
                            "tags.Pipeline_phase": "prod",
                            "tags.Region": "us-west-2",
                            "tags.SLA": "prod",
                            "tags.Service_component": "upena-reader",
                            "tenancy": "default",
                            "user_data": "50f17a6874daa70625669dc3325f5aeeabefe184",
                            "vpc_security_group_ids.#": "2",
                            "vpc_security_group_ids.1196698164": "sg-f0914c88",
                            "vpc_security_group_ids.744384824": "sg-77687f10"
                        },
                        "meta": {
                            "schema_version": "1"
                        },
                        "tainted": false
                    },
                    "deposed": [],
                    "provider": ""
                },
                "aws_instance.upena_reader_i9": {
                    "type": "aws_instance",
                    "depends_on": [
                        "aws_security_group.upena_reader_sg"
                    ],
                    "primary": {
                        "id": "i-02f56c7f52bef7a9b",
                        "attributes": {
                            "ami": "ami-1e299d7e",
                            "associate_public_ip_address": "false",
                            "availability_zone": "us-west-2c",
                            "disable_api_termination": "false",
                            "ebs_block_device.#": "4",
                            "ebs_block_device.2630216116.delete_on_termination": "false",
                            "ebs_block_device.2630216116.device_name": "/dev/sde",
                            "ebs_block_device.2630216116.encrypted": "true",
                            "ebs_block_device.2630216116.iops": "0",
                            "ebs_block_device.2630216116.snapshot_id": "",
                            "ebs_block_device.2630216116.volume_size": "2000",
                            "ebs_block_device.2630216116.volume_type": "st1",
                            "ebs_block_device.2634515331.delete_on_termination": "false",
                            "ebs_block_device.2634515331.device_name": "/dev/sdd",
                            "ebs_block_device.2634515331.encrypted": "true",
                            "ebs_block_device.2634515331.iops": "0",
                            "ebs_block_device.2634515331.snapshot_id": "",
                            "ebs_block_device.2634515331.volume_size": "500",
                            "ebs_block_device.2634515331.volume_type": "st1",
                            "ebs_block_device.2659407853.delete_on_termination": "false",
                            "ebs_block_device.2659407853.device_name": "/dev/sdf",
                            "ebs_block_device.2659407853.encrypted": "true",
                            "ebs_block_device.2659407853.iops": "0",
                            "ebs_block_device.2659407853.snapshot_id": "",
                            "ebs_block_device.2659407853.volume_size": "2000",
                            "ebs_block_device.2659407853.volume_type": "st1",
                            "ebs_block_device.2671853018.delete_on_termination": "false",
                            "ebs_block_device.2671853018.device_name": "/dev/sdg",
                            "ebs_block_device.2671853018.encrypted": "true",
                            "ebs_block_device.2671853018.iops": "0",
                            "ebs_block_device.2671853018.snapshot_id": "",
                            "ebs_block_device.2671853018.volume_size": "2000",
                            "ebs_block_device.2671853018.volume_type": "st1",
                            "ebs_optimized": "true",
                            "ephemeral_block_device.#": "0",
                            "iam_instance_profile": "upena-profile",
                            "id": "i-02f56c7f52bef7a9b",
                            "instance_state": "running",
                            "instance_type": "r4.xlarge",
                            "key_name": "reco-prod",
                            "monitoring": "false",
                            "network_interface_id": "eni-7dd1e62d",
                            "private_dns": "ip-10-126-105-188.us-west-2.compute.internal",
                            "private_ip": "10.126.105.188",
                            "public_dns": "",
                            "public_ip": "",
                            "root_block_device.#": "1",
                            "root_block_device.0.delete_on_termination": "true",
                            "root_block_device.0.iops": "0",
                            "root_block_device.0.volume_size": "8",
                            "root_block_device.0.volume_type": "standard",
                            "security_groups.#": "0",
                            "source_dest_check": "true",
                            "subnet_id": "subnet-6be90c33",
                            "tags.%": "7",
                            "tags.Account_name": "jive-reco-prod",
                            "tags.Jive_service": "upena",
                            "tags.Name": "prod-upena-reader-i9",
                            "tags.Pipeline_phase": "prod",
                            "tags.Region": "us-west-2",
                            "tags.SLA": "prod",
                            "tags.Service_component": "upena-reader",
                            "tenancy": "default",
                            "user_data": "50f17a6874daa70625669dc3325f5aeeabefe184",
                            "vpc_security_group_ids.#": "2",
                            "vpc_security_group_ids.1196698164": "sg-f0914c88",
                            "vpc_security_group_ids.744384824": "sg-77687f10"
                        },
                        "meta": {
                            "schema_version": "1"
                        },
                        "tainted": false
                    },
                    "deposed": [],
                    "provider": ""
                },
                "aws_route53_record.upena_reader_ri1": {
                    "type": "aws_route53_record",
                    "depends_on": [
                        "aws_instance.upena_reader_i1"
                    ],
                    "primary": {
                        "id": "Z3G5VQCYCT435Y_prod-upena-reader-i1_A",
                        "attributes": {
                            "fqdn": "prod-upena-reader-i1.jiveprivate.com",
                            "health_check_id": "",
                            "id": "Z3G5VQCYCT435Y_prod-upena-reader-i1_A",
                            "name": "prod-upena-reader-i1",
                            "records.#": "1",
                            "records.791714692": "10.126.98.170",
                            "set_identifier": "",
                            "ttl": "60",
                            "type": "A",
                            "zone_id": "Z3G5VQCYCT435Y"
                        },
                        "meta": {
                            "schema_version": "2"
                        },
                        "tainted": false
                    },
                    "deposed": [],
                    "provider": ""
                },
                "aws_route53_record.upena_reader_ri2": {
                    "type": "aws_route53_record",
                    "depends_on": [
                        "aws_instance.upena_reader_i2"
                    ],
                    "primary": {
                        "id": "Z3G5VQCYCT435Y_prod-upena-reader-i2_A",
                        "attributes": {
                            "fqdn": "prod-upena-reader-i2.jiveprivate.com",
                            "health_check_id": "",
                            "id": "Z3G5VQCYCT435Y_prod-upena-reader-i2_A",
                            "name": "prod-upena-reader-i2",
                            "records.#": "1",
                            "records.3915835185": "10.126.102.68",
                            "set_identifier": "",
                            "ttl": "60",
                            "type": "A",
                            "zone_id": "Z3G5VQCYCT435Y"
                        },
                        "meta": {
                            "schema_version": "2"
                        },
                        "tainted": false
                    },
                    "deposed": [],
                    "provider": ""
                },
                "aws_route53_record.upena_reader_ri3": {
                    "type": "aws_route53_record",
                    "depends_on": [
                        "aws_instance.upena_reader_i3"
                    ],
                    "primary": {
                        "id": "Z3G5VQCYCT435Y_prod-upena-reader-i3_A",
                        "attributes": {
                            "fqdn": "prod-upena-reader-i3.jiveprivate.com",
                            "health_check_id": "",
                            "id": "Z3G5VQCYCT435Y_prod-upena-reader-i3_A",
                            "name": "prod-upena-reader-i3",
                            "records.#": "1",
                            "records.356560350": "10.126.107.52",
                            "set_identifier": "",
                            "ttl": "60",
                            "type": "A",
                            "zone_id": "Z3G5VQCYCT435Y"
                        },
                        "meta": {
                            "schema_version": "2"
                        },
                        "tainted": false
                    },
                    "deposed": [],
                    "provider": ""
                },
                "aws_route53_record.upena_reader_ri4": {
                    "type": "aws_route53_record",
                    "depends_on": [
                        "aws_instance.upena_reader_i4"
                    ],
                    "primary": {
                        "id": "Z3G5VQCYCT435Y_prod-upena-reader-i4_A",
                        "attributes": {
                            "fqdn": "prod-upena-reader-i4.jiveprivate.com",
                            "health_check_id": "",
                            "id": "Z3G5VQCYCT435Y_prod-upena-reader-i4_A",
                            "name": "prod-upena-reader-i4",
                            "records.#": "1",
                            "records.180764789": "10.126.98.148",
                            "set_identifier": "",
                            "ttl": "60",
                            "type": "A",
                            "zone_id": "Z3G5VQCYCT435Y"
                        },
                        "meta": {
                            "schema_version": "2"
                        },
                        "tainted": false
                    },
                    "deposed": [],
                    "provider": ""
                },
                "aws_route53_record.upena_reader_ri5": {
                    "type": "aws_route53_record",
                    "depends_on": [
                        "aws_instance.upena_reader_i5"
                    ],
                    "primary": {
                        "id": "Z3G5VQCYCT435Y_prod-upena-reader-i5_A",
                        "attributes": {
                            "fqdn": "prod-upena-reader-i5.jiveprivate.com",
                            "health_check_id": "",
                            "id": "Z3G5VQCYCT435Y_prod-upena-reader-i5_A",
                            "name": "prod-upena-reader-i5",
                            "records.#": "1",
                            "records.2488066491": "10.126.102.1",
                            "set_identifier": "",
                            "ttl": "60",
                            "type": "A",
                            "zone_id": "Z3G5VQCYCT435Y"
                        },
                        "meta": {
                            "schema_version": "2"
                        },
                        "tainted": false
                    },
                    "deposed": [],
                    "provider": ""
                },
                "aws_route53_record.upena_reader_ri6": {
                    "type": "aws_route53_record",
                    "depends_on": [
                        "aws_instance.upena_reader_i6"
                    ],
                    "primary": {
                        "id": "Z3G5VQCYCT435Y_prod-upena-reader-i6_A",
                        "attributes": {
                            "fqdn": "prod-upena-reader-i6.jiveprivate.com",
                            "health_check_id": "",
                            "id": "Z3G5VQCYCT435Y_prod-upena-reader-i6_A",
                            "name": "prod-upena-reader-i6",
                            "records.#": "1",
                            "records.3804642316": "10.126.107.125",
                            "set_identifier": "",
                            "ttl": "60",
                            "type": "A",
                            "zone_id": "Z3G5VQCYCT435Y"
                        },
                        "meta": {
                            "schema_version": "2"
                        },
                        "tainted": false
                    },
                    "deposed": [],
                    "provider": ""
                },
                "aws_route53_record.upena_reader_ri7": {
                    "type": "aws_route53_record",
                    "depends_on": [
                        "aws_instance.upena_reader_i7"
                    ],
                    "primary": {
                        "id": "Z3G5VQCYCT435Y_prod-upena-reader-i7_A",
                        "attributes": {
                            "fqdn": "prod-upena-reader-i7.jiveprivate.com",
                            "health_check_id": "",
                            "id": "Z3G5VQCYCT435Y_prod-upena-reader-i7_A",
                            "name": "prod-upena-reader-i7",
                            "records.#": "1",
                            "records.3491368369": "10.126.96.255",
                            "set_identifier": "",
                            "ttl": "60",
                            "type": "A",
                            "zone_id": "Z3G5VQCYCT435Y"
                        },
                        "meta": {
                            "schema_version": "2"
                        },
                        "tainted": false
                    },
                    "deposed": [],
                    "provider": ""
                },
                "aws_route53_record.upena_reader_ri8": {
                    "type": "aws_route53_record",
                    "depends_on": [
                        "aws_instance.upena_reader_i8"
                    ],
                    "primary": {
                        "id": "Z3G5VQCYCT435Y_prod-upena-reader-i8_A",
                        "attributes": {
                            "fqdn": "prod-upena-reader-i8.jiveprivate.com",
                            "health_check_id": "",
                            "id": "Z3G5VQCYCT435Y_prod-upena-reader-i8_A",
                            "name": "prod-upena-reader-i8",
                            "records.#": "1",
                            "records.3928166002": "10.126.103.166",
                            "set_identifier": "",
                            "ttl": "60",
                            "type": "A",
                            "zone_id": "Z3G5VQCYCT435Y"
                        },
                        "meta": {
                            "schema_version": "2"
                        },
                        "tainted": false
                    },
                    "deposed": [],
                    "provider": ""
                },
                "aws_route53_record.upena_reader_ri9": {
                    "type": "aws_route53_record",
                    "depends_on": [
                        "aws_instance.upena_reader_i9"
                    ],
                    "primary": {
                        "id": "Z3G5VQCYCT435Y_prod-upena-reader-i9_A",
                        "attributes": {
                            "fqdn": "prod-upena-reader-i9.jiveprivate.com",
                            "health_check_id": "",
                            "id": "Z3G5VQCYCT435Y_prod-upena-reader-i9_A",
                            "name": "prod-upena-reader-i9",
                            "records.#": "1",
                            "records.475593563": "10.126.105.188",
                            "set_identifier": "",
                            "ttl": "60",
                            "type": "A",
                            "zone_id": "Z3G5VQCYCT435Y"
                        },
                        "meta": {
                            "schema_version": "2"
                        },
                        "tainted": false
                    },
                    "deposed": [],
                    "provider": ""
                },
                "aws_security_group.upena_reader_sg": {
                    "type": "aws_security_group",
                    "depends_on": [],
                    "primary": {
                        "id": "sg-f0914c88",
                        "attributes": {
                            "description": "Allows necessary communication between upena-reader instances",
                            "egress.#": "0",
                            "id": "sg-f0914c88",
                            "ingress.#": "2",
                            "ingress.1251094559.cidr_blocks.#": "1",
                            "ingress.1251094559.cidr_blocks.0": "0.0.0.0/0",
                            "ingress.1251094559.from_port": "1175",
                            "ingress.1251094559.protocol": "tcp",
                            "ingress.1251094559.security_groups.#": "0",
                            "ingress.1251094559.self": "false",
                            "ingress.1251094559.to_port": "1175",
                            "ingress.3258786324.cidr_blocks.#": "1",
                            "ingress.3258786324.cidr_blocks.0": "0.0.0.0/0",
                            "ingress.3258786324.from_port": "10000",
                            "ingress.3258786324.protocol": "tcp",
                            "ingress.3258786324.security_groups.#": "0",
                            "ingress.3258786324.self": "false",
                            "ingress.3258786324.to_port": "11000",
                            "name": "prod-upena-reader",
                            "owner_id": "870846026232",
                            "tags.%": "7",
                            "tags.Account_name": "jive-reco-prod",
                            "tags.Jive_service": "upena",
                            "tags.Name": "prod-upena-reader",
                            "tags.Pipeline_phase": "prod",
                            "tags.Region": "us-west-2",
                            "tags.SLA": "prod",
                            "tags.Service_component": "upena-reader",
                            "vpc_id": "vpc-e7883c83"
                        },
                        "meta": {},
                        "tainted": false
                    },
                    "deposed": [],
                    "provider": ""
                },
                "aws_volume_attachment.upena_reader_i1_av0": {
                    "type": "aws_volume_attachment",
                    "depends_on": [
                        "aws_ebs_volume.upena_reader_i1_v0",
                        "aws_instance.upena_reader_i1"
                    ],
                    "primary": {
                        "id": "vai-1897921415",
                        "attributes": {
                            "device_name": "/dev/sdd",
                            "force_detach": "true",
                            "id": "vai-1897921415",
                            "instance_id": "i-01b32aa2acd69f0f0",
                            "volume_id": "vol-0510f263e5f0e1d9f"
                        },
                        "meta": {},
                        "tainted": false
                    },
                    "deposed": [],
                    "provider": ""
                },
                "aws_volume_attachment.upena_reader_i1_av1": {
                    "type": "aws_volume_attachment",
                    "depends_on": [
                        "aws_ebs_volume.upena_reader_i1_v1",
                        "aws_instance.upena_reader_i1"
                    ],
                    "primary": {
                        "id": "vai-48234997",
                        "attributes": {
                            "device_name": "/dev/sde",
                            "force_detach": "true",
                            "id": "vai-48234997",
                            "instance_id": "i-01b32aa2acd69f0f0",
                            "volume_id": "vol-038088b88607c4085"
                        },
                        "meta": {},
                        "tainted": false
                    },
                    "deposed": [],
                    "provider": ""
                },
                "aws_volume_attachment.upena_reader_i1_av2": {
                    "type": "aws_volume_attachment",
                    "depends_on": [
                        "aws_ebs_volume.upena_reader_i1_v2",
                        "aws_instance.upena_reader_i1"
                    ],
                    "primary": {
                        "id": "vai-2980591034",
                        "attributes": {
                            "device_name": "/dev/sdf",
                            "force_detach": "true",
                            "id": "vai-2980591034",
                            "instance_id": "i-01b32aa2acd69f0f0",
                            "volume_id": "vol-087270f7650850f3a"
                        },
                        "meta": {},
                        "tainted": false
                    },
                    "deposed": [],
                    "provider": ""
                },
                "aws_volume_attachment.upena_reader_i1_av3": {
                    "type": "aws_volume_attachment",
                    "depends_on": [
                        "aws_ebs_volume.upena_reader_i1_v3",
                        "aws_instance.upena_reader_i1"
                    ],
                    "primary": {
                        "id": "vai-1372646943",
                        "attributes": {
                            "device_name": "/dev/sdg",
                            "force_detach": "true",
                            "id": "vai-1372646943",
                            "instance_id": "i-01b32aa2acd69f0f0",
                            "volume_id": "vol-0f83c98efc9422aaf"
                        },
                        "meta": {},
                        "tainted": false
                    },
                    "deposed": [],
                    "provider": ""
                },
                "aws_volume_attachment.upena_reader_i2_av0": {
                    "type": "aws_volume_attachment",
                    "depends_on": [
                        "aws_ebs_volume.upena_reader_i2_v0",
                        "aws_instance.upena_reader_i2"
                    ],
                    "primary": {
                        "id": "vai-2610673675",
                        "attributes": {
                            "device_name": "/dev/sdd",
                            "force_detach": "true",
                            "id": "vai-2610673675",
                            "instance_id": "i-095b47e8322f6de6c",
                            "volume_id": "vol-00ceff1597b13623e"
                        },
                        "meta": {},
                        "tainted": false
                    },
                    "deposed": [],
                    "provider": ""
                },
                "aws_volume_attachment.upena_reader_i2_av1": {
                    "type": "aws_volume_attachment",
                    "depends_on": [
                        "aws_ebs_volume.upena_reader_i2_v1",
                        "aws_instance.upena_reader_i2"
                    ],
                    "primary": {
                        "id": "vai-1321588659",
                        "attributes": {
                            "device_name": "/dev/sde",
                            "force_detach": "true",
                            "id": "vai-1321588659",
                            "instance_id": "i-095b47e8322f6de6c",
                            "volume_id": "vol-0400dd66eb0ee7faf"
                        },
                        "meta": {},
                        "tainted": false
                    },
                    "deposed": [],
                    "provider": ""
                },
                "aws_volume_attachment.upena_reader_i2_av2": {
                    "type": "aws_volume_attachment",
                    "depends_on": [
                        "aws_ebs_volume.upena_reader_i2_v2",
                        "aws_instance.upena_reader_i2"
                    ],
                    "primary": {
                        "id": "vai-4011488057",
                        "attributes": {
                            "device_name": "/dev/sdf",
                            "force_detach": "true",
                            "id": "vai-4011488057",
                            "instance_id": "i-095b47e8322f6de6c",
                            "volume_id": "vol-05fffe88a091ad30f"
                        },
                        "meta": {},
                        "tainted": false
                    },
                    "deposed": [],
                    "provider": ""
                },
                "aws_volume_attachment.upena_reader_i2_av3": {
                    "type": "aws_volume_attachment",
                    "depends_on": [
                        "aws_ebs_volume.upena_reader_i2_v3",
                        "aws_instance.upena_reader_i2"
                    ],
                    "primary": {
                        "id": "vai-1353125227",
                        "attributes": {
                            "device_name": "/dev/sdg",
                            "force_detach": "true",
                            "id": "vai-1353125227",
                            "instance_id": "i-095b47e8322f6de6c",
                            "volume_id": "vol-0a7fc72ce04b7d002"
                        },
                        "meta": {},
                        "tainted": false
                    },
                    "deposed": [],
                    "provider": ""
                },
                "aws_volume_attachment.upena_reader_i3_av0": {
                    "type": "aws_volume_attachment",
                    "depends_on": [
                        "aws_ebs_volume.upena_reader_i3_v0",
                        "aws_instance.upena_reader_i3"
                    ],
                    "primary": {
                        "id": "vai-3792247493",
                        "attributes": {
                            "device_name": "/dev/sdd",
                            "force_detach": "true",
                            "id": "vai-3792247493",
                            "instance_id": "i-04110fcb451717c37",
                            "volume_id": "vol-0a95041574b785bcf"
                        },
                        "meta": {},
                        "tainted": false
                    },
                    "deposed": [],
                    "provider": ""
                },
                "aws_volume_attachment.upena_reader_i3_av1": {
                    "type": "aws_volume_attachment",
                    "depends_on": [
                        "aws_ebs_volume.upena_reader_i3_v1",
                        "aws_instance.upena_reader_i3"
                    ],
                    "primary": {
                        "id": "vai-3477965690",
                        "attributes": {
                            "device_name": "/dev/sde",
                            "force_detach": "true",
                            "id": "vai-3477965690",
                            "instance_id": "i-04110fcb451717c37",
                            "volume_id": "vol-01c7302573bbab5d1"
                        },
                        "meta": {},
                        "tainted": false
                    },
                    "deposed": [],
                    "provider": ""
                },
                "aws_volume_attachment.upena_reader_i3_av2": {
                    "type": "aws_volume_attachment",
                    "depends_on": [
                        "aws_ebs_volume.upena_reader_i3_v2",
                        "aws_instance.upena_reader_i3"
                    ],
                    "primary": {
                        "id": "vai-3812035512",
                        "attributes": {
                            "device_name": "/dev/sdf",
                            "force_detach": "true",
                            "id": "vai-3812035512",
                            "instance_id": "i-04110fcb451717c37",
                            "volume_id": "vol-0b46efcbcd9607555"
                        },
                        "meta": {},
                        "tainted": false
                    },
                    "deposed": [],
                    "provider": ""
                },
                "aws_volume_attachment.upena_reader_i3_av3": {
                    "type": "aws_volume_attachment",
                    "depends_on": [
                        "aws_ebs_volume.upena_reader_i3_v3",
                        "aws_instance.upena_reader_i3"
                    ],
                    "primary": {
                        "id": "vai-982992180",
                        "attributes": {
                            "device_name": "/dev/sdg",
                            "force_detach": "true",
                            "id": "vai-982992180",
                            "instance_id": "i-04110fcb451717c37",
                            "volume_id": "vol-0f2acae65c147ce1c"
                        },
                        "meta": {},
                        "tainted": false
                    },
                    "deposed": [],
                    "provider": ""
                },
                "aws_volume_attachment.upena_reader_i4_av0": {
                    "type": "aws_volume_attachment",
                    "depends_on": [
                        "aws_ebs_volume.upena_reader_i4_v0",
                        "aws_instance.upena_reader_i4"
                    ],
                    "primary": {
                        "id": "vai-3892104611",
                        "attributes": {
                            "device_name": "/dev/sdd",
                            "force_detach": "true",
                            "id": "vai-3892104611",
                            "instance_id": "i-0aafe61403abd2f63",
                            "volume_id": "vol-0d3c9c894c36eb952"
                        },
                        "meta": {},
                        "tainted": false
                    },
                    "deposed": [],
                    "provider": ""
                },
                "aws_volume_attachment.upena_reader_i4_av1": {
                    "type": "aws_volume_attachment",
                    "depends_on": [
                        "aws_ebs_volume.upena_reader_i4_v1",
                        "aws_instance.upena_reader_i4"
                    ],
                    "primary": {
                        "id": "vai-3908397668",
                        "attributes": {
                            "device_name": "/dev/sde",
                            "force_detach": "true",
                            "id": "vai-3908397668",
                            "instance_id": "i-0aafe61403abd2f63",
                            "volume_id": "vol-0199d3d8e76ef1e0b"
                        },
                        "meta": {},
                        "tainted": false
                    },
                    "deposed": [],
                    "provider": ""
                },
                "aws_volume_attachment.upena_reader_i4_av2": {
                    "type": "aws_volume_attachment",
                    "depends_on": [
                        "aws_ebs_volume.upena_reader_i4_v2",
                        "aws_instance.upena_reader_i4"
                    ],
                    "primary": {
                        "id": "vai-2354781932",
                        "attributes": {
                            "device_name": "/dev/sdf",
                            "force_detach": "true",
                            "id": "vai-2354781932",
                            "instance_id": "i-0aafe61403abd2f63",
                            "volume_id": "vol-09137ce66c9ddb977"
                        },
                        "meta": {},
                        "tainted": false
                    },
                    "deposed": [],
                    "provider": ""
                },
                "aws_volume_attachment.upena_reader_i4_av3": {
                    "type": "aws_volume_attachment",
                    "depends_on": [
                        "aws_ebs_volume.upena_reader_i4_v3",
                        "aws_instance.upena_reader_i4"
                    ],
                    "primary": {
                        "id": "vai-287130024",
                        "attributes": {
                            "device_name": "/dev/sdg",
                            "force_detach": "true",
                            "id": "vai-287130024",
                            "instance_id": "i-0aafe61403abd2f63",
                            "volume_id": "vol-012ef54896a132be1"
                        },
                        "meta": {},
                        "tainted": false
                    },
                    "deposed": [],
                    "provider": ""
                },
                "aws_volume_attachment.upena_reader_i5_av0": {
                    "type": "aws_volume_attachment",
                    "depends_on": [
                        "aws_ebs_volume.upena_reader_i5_v0",
                        "aws_instance.upena_reader_i5"
                    ],
                    "primary": {
                        "id": "vai-3395133914",
                        "attributes": {
                            "device_name": "/dev/sdd",
                            "force_detach": "true",
                            "id": "vai-3395133914",
                            "instance_id": "i-0d7e65bf8577ff5c0",
                            "volume_id": "vol-040c1612eaf89f9f9"
                        },
                        "meta": {},
                        "tainted": false
                    },
                    "deposed": [],
                    "provider": ""
                },
                "aws_volume_attachment.upena_reader_i5_av1": {
                    "type": "aws_volume_attachment",
                    "depends_on": [
                        "aws_ebs_volume.upena_reader_i5_v1",
                        "aws_instance.upena_reader_i5"
                    ],
                    "primary": {
                        "id": "vai-3812004845",
                        "attributes": {
                            "device_name": "/dev/sde",
                            "force_detach": "true",
                            "id": "vai-3812004845",
                            "instance_id": "i-0d7e65bf8577ff5c0",
                            "volume_id": "vol-0ab7b678c09633771"
                        },
                        "meta": {},
                        "tainted": false
                    },
                    "deposed": [],
                    "provider": ""
                },
                "aws_volume_attachment.upena_reader_i5_av2": {
                    "type": "aws_volume_attachment",
                    "depends_on": [
                        "aws_ebs_volume.upena_reader_i5_v2",
                        "aws_instance.upena_reader_i5"
                    ],
                    "primary": {
                        "id": "vai-4253015939",
                        "attributes": {
                            "device_name": "/dev/sdf",
                            "force_detach": "true",
                            "id": "vai-4253015939",
                            "instance_id": "i-0d7e65bf8577ff5c0",
                            "volume_id": "vol-09120e1f59a14e328"
                        },
                        "meta": {},
                        "tainted": false
                    },
                    "deposed": [],
                    "provider": ""
                },
                "aws_volume_attachment.upena_reader_i5_av3": {
                    "type": "aws_volume_attachment",
                    "depends_on": [
                        "aws_ebs_volume.upena_reader_i5_v3",
                        "aws_instance.upena_reader_i5"
                    ],
                    "primary": {
                        "id": "vai-3746169434",
                        "attributes": {
                            "device_name": "/dev/sdg",
                            "force_detach": "true",
                            "id": "vai-3746169434",
                            "instance_id": "i-0d7e65bf8577ff5c0",
                            "volume_id": "vol-0454809e6fdea578a"
                        },
                        "meta": {},
                        "tainted": false
                    },
                    "deposed": [],
                    "provider": ""
                },
                "aws_volume_attachment.upena_reader_i6_av0": {
                    "type": "aws_volume_attachment",
                    "depends_on": [
                        "aws_ebs_volume.upena_reader_i6_v0",
                        "aws_instance.upena_reader_i6"
                    ],
                    "primary": {
                        "id": "vai-624261410",
                        "attributes": {
                            "device_name": "/dev/sdd",
                            "force_detach": "true",
                            "id": "vai-624261410",
                            "instance_id": "i-0916c353c1bdfc352",
                            "volume_id": "vol-00aab115a61e4b750"
                        },
                        "meta": {},
                        "tainted": false
                    },
                    "deposed": [],
                    "provider": ""
                },
                "aws_volume_attachment.upena_reader_i6_av1": {
                    "type": "aws_volume_attachment",
                    "depends_on": [
                        "aws_ebs_volume.upena_reader_i6_v1",
                        "aws_instance.upena_reader_i6"
                    ],
                    "primary": {
                        "id": "vai-3448203020",
                        "attributes": {
                            "device_name": "/dev/sde",
                            "force_detach": "true",
                            "id": "vai-3448203020",
                            "instance_id": "i-0916c353c1bdfc352",
                            "volume_id": "vol-03030de1d79c0d8df"
                        },
                        "meta": {},
                        "tainted": false
                    },
                    "deposed": [],
                    "provider": ""
                },
                "aws_volume_attachment.upena_reader_i6_av2": {
                    "type": "aws_volume_attachment",
                    "depends_on": [
                        "aws_ebs_volume.upena_reader_i6_v2",
                        "aws_instance.upena_reader_i6"
                    ],
                    "primary": {
                        "id": "vai-1787366414",
                        "attributes": {
                            "device_name": "/dev/sdf",
                            "force_detach": "true",
                            "id": "vai-1787366414",
                            "instance_id": "i-0916c353c1bdfc352",
                            "volume_id": "vol-001c37305d8a8f1f2"
                        },
                        "meta": {},
                        "tainted": false
                    },
                    "deposed": [],
                    "provider": ""
                },
                "aws_volume_attachment.upena_reader_i6_av3": {
                    "type": "aws_volume_attachment",
                    "depends_on": [
                        "aws_ebs_volume.upena_reader_i6_v3",
                        "aws_instance.upena_reader_i6"
                    ],
                    "primary": {
                        "id": "vai-1645986061",
                        "attributes": {
                            "device_name": "/dev/sdg",
                            "force_detach": "true",
                            "id": "vai-1645986061",
                            "instance_id": "i-0916c353c1bdfc352",
                            "volume_id": "vol-09246a511a8327756"
                        },
                        "meta": {},
                        "tainted": false
                    },
                    "deposed": [],
                    "provider": ""
                },
                "aws_volume_attachment.upena_reader_i7_av0": {
                    "type": "aws_volume_attachment",
                    "depends_on": [
                        "aws_ebs_volume.upena_reader_i7_v0",
                        "aws_instance.upena_reader_i7"
                    ],
                    "primary": {
                        "id": "vai-4227205873",
                        "attributes": {
                            "device_name": "/dev/sdd",
                            "force_detach": "true",
                            "id": "vai-4227205873",
                            "instance_id": "i-03202989d0acc68a2",
                            "volume_id": "vol-0d4c7967cff7d0c80"
                        },
                        "meta": {},
                        "tainted": false
                    },
                    "deposed": [],
                    "provider": ""
                },
                "aws_volume_attachment.upena_reader_i7_av1": {
                    "type": "aws_volume_attachment",
                    "depends_on": [
                        "aws_ebs_volume.upena_reader_i7_v1",
                        "aws_instance.upena_reader_i7"
                    ],
                    "primary": {
                        "id": "vai-145344959",
                        "attributes": {
                            "device_name": "/dev/sde",
                            "force_detach": "true",
                            "id": "vai-145344959",
                            "instance_id": "i-03202989d0acc68a2",
                            "volume_id": "vol-016bce72ff9d38451"
                        },
                        "meta": {},
                        "tainted": false
                    },
                    "deposed": [],
                    "provider": ""
                },
                "aws_volume_attachment.upena_reader_i7_av2": {
                    "type": "aws_volume_attachment",
                    "depends_on": [
                        "aws_ebs_volume.upena_reader_i7_v2",
                        "aws_instance.upena_reader_i7"
                    ],
                    "primary": {
                        "id": "vai-4100662838",
                        "attributes": {
                            "device_name": "/dev/sdf",
                            "force_detach": "true",
                            "id": "vai-4100662838",
                            "instance_id": "i-03202989d0acc68a2",
                            "volume_id": "vol-0ac5b694bb9f01a0f"
                        },
                        "meta": {},
                        "tainted": false
                    },
                    "deposed": [],
                    "provider": ""
                },
                "aws_volume_attachment.upena_reader_i7_av3": {
                    "type": "aws_volume_attachment",
                    "depends_on": [
                        "aws_ebs_volume.upena_reader_i7_v3",
                        "aws_instance.upena_reader_i7"
                    ],
                    "primary": {
                        "id": "vai-3668787398",
                        "attributes": {
                            "device_name": "/dev/sdg",
                            "force_detach": "true",
                            "id": "vai-3668787398",
                            "instance_id": "i-03202989d0acc68a2",
                            "volume_id": "vol-00ff4bde28cb6312e"
                        },
                        "meta": {},
                        "tainted": false
                    },
                    "deposed": [],
                    "provider": ""
                },
                "aws_volume_attachment.upena_reader_i8_av0": {
                    "type": "aws_volume_attachment",
                    "depends_on": [
                        "aws_ebs_volume.upena_reader_i8_v0",
                        "aws_instance.upena_reader_i8"
                    ],
                    "primary": {
                        "id": "vai-153798275",
                        "attributes": {
                            "device_name": "/dev/sdd",
                            "force_detach": "true",
                            "id": "vai-153798275",
                            "instance_id": "i-0dd00fe58a64f9678",
                            "volume_id": "vol-0a2f0aa9ef7147258"
                        },
                        "meta": {},
                        "tainted": false
                    },
                    "deposed": [],
                    "provider": ""
                },
                "aws_volume_attachment.upena_reader_i8_av1": {
                    "type": "aws_volume_attachment",
                    "depends_on": [
                        "aws_ebs_volume.upena_reader_i8_v1",
                        "aws_instance.upena_reader_i8"
                    ],
                    "primary": {
                        "id": "vai-2810558788",
                        "attributes": {
                            "device_name": "/dev/sde",
                            "force_detach": "true",
                            "id": "vai-2810558788",
                            "instance_id": "i-0dd00fe58a64f9678",
                            "volume_id": "vol-02f4415b1dfc547f5"
                        },
                        "meta": {},
                        "tainted": false
                    },
                    "deposed": [],
                    "provider": ""
                },
                "aws_volume_attachment.upena_reader_i8_av2": {
                    "type": "aws_volume_attachment",
                    "depends_on": [
                        "aws_ebs_volume.upena_reader_i8_v2",
                        "aws_instance.upena_reader_i8"
                    ],
                    "primary": {
                        "id": "vai-163569330",
                        "attributes": {
                            "device_name": "/dev/sdf",
                            "force_detach": "true",
                            "id": "vai-163569330",
                            "instance_id": "i-0dd00fe58a64f9678",
                            "volume_id": "vol-0b5ea47b713fb7835"
                        },
                        "meta": {},
                        "tainted": false
                    },
                    "deposed": [],
                    "provider": ""
                },
                "aws_volume_attachment.upena_reader_i8_av3": {
                    "type": "aws_volume_attachment",
                    "depends_on": [
                        "aws_ebs_volume.upena_reader_i8_v3",
                        "aws_instance.upena_reader_i8"
                    ],
                    "primary": {
                        "id": "vai-800375945",
                        "attributes": {
                            "device_name": "/dev/sdg",
                            "force_detach": "true",
                            "id": "vai-800375945",
                            "instance_id": "i-0dd00fe58a64f9678",
                            "volume_id": "vol-0ce537009581a78db"
                        },
                        "meta": {},
                        "tainted": false
                    },
                    "deposed": [],
                    "provider": ""
                },
                "aws_volume_attachment.upena_reader_i9_av0": {
                    "type": "aws_volume_attachment",
                    "depends_on": [
                        "aws_ebs_volume.upena_reader_i9_v0",
                        "aws_instance.upena_reader_i9"
                    ],
                    "primary": {
                        "id": "vai-4121649790",
                        "attributes": {
                            "device_name": "/dev/sdd",
                            "force_detach": "true",
                            "id": "vai-4121649790",
                            "instance_id": "i-02f56c7f52bef7a9b",
                            "volume_id": "vol-0e0c4f1b514394ade"
                        },
                        "meta": {},
                        "tainted": false
                    },
                    "deposed": [],
                    "provider": ""
                },
                "aws_volume_attachment.upena_reader_i9_av1": {
                    "type": "aws_volume_attachment",
                    "depends_on": [
                        "aws_ebs_volume.upena_reader_i9_v1",
                        "aws_instance.upena_reader_i9"
                    ],
                    "primary": {
                        "id": "vai-88350800",
                        "attributes": {
                            "device_name": "/dev/sde",
                            "force_detach": "true",
                            "id": "vai-88350800",
                            "instance_id": "i-02f56c7f52bef7a9b",
                            "volume_id": "vol-04c4d8727ba2e3d50"
                        },
                        "meta": {},
                        "tainted": false
                    },
                    "deposed": [],
                    "provider": ""
                },
                "aws_volume_attachment.upena_reader_i9_av2": {
                    "type": "aws_volume_attachment",
                    "depends_on": [
                        "aws_ebs_volume.upena_reader_i9_v2",
                        "aws_instance.upena_reader_i9"
                    ],
                    "primary": {
                        "id": "vai-848135745",
                        "attributes": {
                            "device_name": "/dev/sdf",
                            "force_detach": "true",
                            "id": "vai-848135745",
                            "instance_id": "i-02f56c7f52bef7a9b",
                            "volume_id": "vol-0850079d97521c713"
                        },
                        "meta": {},
                        "tainted": false
                    },
                    "deposed": [],
                    "provider": ""
                },
                "aws_volume_attachment.upena_reader_i9_av3": {
                    "type": "aws_volume_attachment",
                    "depends_on": [
                        "aws_ebs_volume.upena_reader_i9_v3",
                        "aws_instance.upena_reader_i9"
                    ],
                    "primary": {
                        "id": "vai-4258323482",
                        "attributes": {
                            "device_name": "/dev/sdg",
                            "force_detach": "true",
                            "id": "vai-4258323482",
                            "instance_id": "i-02f56c7f52bef7a9b",
                            "volume_id": "vol-06760af73e0e6122a"
                        },
                        "meta": {},
                        "tainted": false
                    },
                    "deposed": [],
                    "provider": ""
                }
            },
            "depends_on": []
        }
    ]
}
