{
    "version": 3,
    "terraform_version": "0.9.4",
    "serial": 2,
    "lineage": "83a08825-0be1-4b6b-8f46-421ae98e1c0d",
    "modules": [
        {
            "path": [
                "root"
            ],
            "outputs": {},
            "resources": {
                "aws_cloudtrail.cloudtrail-configuration": {
                    "type": "aws_cloudtrail",
                    "depends_on": [
                        "aws_cloudwatch_log_group.cloudtrail_logs",
                        "aws_iam_role.cloudtrail_cloudwatch",
                        "aws_s3_bucket.cloudtrail"
                    ],
                    "primary": {
                        "id": "bikou-cloudtrail",
                        "attributes": {
                            "arn": "arn:aws:cloudtrail:us-west-2:417900408555:trail/bikou-cloudtrail",
                            "cloud_watch_logs_group_arn": "arn:aws:logs:us-west-2:417900408555:log-group:cloudtrail/logs:*",
                            "cloud_watch_logs_role_arn": "arn:aws:iam::417900408555:role/cloudtrail_cloudwatch",
                            "enable_log_file_validation": "false",
                            "enable_logging": "true",
                            "home_region": "us-west-2",
                            "id": "bikou-cloudtrail",
                            "include_global_service_events": "true",
                            "is_multi_region_trail": "true",
                            "kms_key_id": "",
                            "name": "bikou-cloudtrail",
                            "s3_bucket_name": "jive-cloudtrail-bikou-usw2",
                            "s3_key_prefix": "",
                            "sns_topic_name": "",
                            "tags.%": "2",
                            "tags.jive_service": "infrastructure",
                            "tags.service_component": "cloudtrail"
                        },
                        "meta": {},
                        "tainted": false
                    },
                    "deposed": [],
                    "provider": ""
                },
                "aws_cloudwatch_log_group.cloudtrail_logs": {
                    "type": "aws_cloudwatch_log_group",
                    "depends_on": [],
                    "primary": {
                        "id": "cloudtrail/logs",
                        "attributes": {
                            "arn": "arn:aws:logs:us-west-2:417900408555:log-group:cloudtrail/logs:*",
                            "id": "cloudtrail/logs",
                            "name": "cloudtrail/logs",
                            "retention_in_days": "0",
                            "tags.%": "0"
                        },
                        "meta": {},
                        "tainted": false
                    },
                    "deposed": [],
                    "provider": ""
                },
                "aws_cloudwatch_log_metric_filter.api_requests_all": {
                    "type": "aws_cloudwatch_log_metric_filter",
                    "depends_on": [
                        "aws_cloudwatch_log_group.cloudtrail_logs"
                    ],
                    "primary": {
                        "id": "api_requests_all",
                        "attributes": {
                            "id": "api_requests_all",
                            "log_group_name": "cloudtrail/logs",
                            "metric_transformation.#": "1",
                            "metric_transformation.0.name": "all",
                            "metric_transformation.0.namespace": "aws.cloudtrail.api_requests",
                            "metric_transformation.0.value": "1",
                            "name": "api_requests_all",
                            "pattern": ""
                        },
                        "meta": {},
                        "tainted": false
                    },
                    "deposed": [],
                    "provider": ""
                },
                "aws_cloudwatch_log_metric_filter.api_requests_ec2": {
                    "type": "aws_cloudwatch_log_metric_filter",
                    "depends_on": [
                        "aws_cloudwatch_log_group.cloudtrail_logs"
                    ],
                    "primary": {
                        "id": "api_requests_ec2",
                        "attributes": {
                            "id": "api_requests_ec2",
                            "log_group_name": "cloudtrail/logs",
                            "metric_transformation.#": "1",
                            "metric_transformation.0.name": "ec2",
                            "metric_transformation.0.namespace": "aws.cloudtrail.api_requests",
                            "metric_transformation.0.value": "1",
                            "name": "api_requests_ec2",
                            "pattern": "{$.eventSource = ec2.amazonaws.com}"
                        },
                        "meta": {},
                        "tainted": false
                    },
                    "deposed": [],
                    "provider": ""
                },
                "aws_cloudwatch_log_metric_filter.api_requests_elb": {
                    "type": "aws_cloudwatch_log_metric_filter",
                    "depends_on": [
                        "aws_cloudwatch_log_group.cloudtrail_logs"
                    ],
                    "primary": {
                        "id": "api_requests_elb",
                        "attributes": {
                            "id": "api_requests_elb",
                            "log_group_name": "cloudtrail/logs",
                            "metric_transformation.#": "1",
                            "metric_transformation.0.name": "elb",
                            "metric_transformation.0.namespace": "aws.cloudtrail.api_requests",
                            "metric_transformation.0.value": "1",
                            "name": "api_requests_elb",
                            "pattern": "{$.eventSource = elasticloadbalancing.amazonaws.com}"
                        },
                        "meta": {},
                        "tainted": false
                    },
                    "deposed": [],
                    "provider": ""
                },
                "aws_cloudwatch_log_metric_filter.api_requests_route53": {
                    "type": "aws_cloudwatch_log_metric_filter",
                    "depends_on": [
                        "aws_cloudwatch_log_group.cloudtrail_logs"
                    ],
                    "primary": {
                        "id": "api_requests_route53",
                        "attributes": {
                            "id": "api_requests_route53",
                            "log_group_name": "cloudtrail/logs",
                            "metric_transformation.#": "1",
                            "metric_transformation.0.name": "route53",
                            "metric_transformation.0.namespace": "aws.cloudtrail.api_requests",
                            "metric_transformation.0.value": "1",
                            "name": "api_requests_route53",
                            "pattern": "{$.eventSource = route53.amazonaws.com}"
                        },
                        "meta": {},
                        "tainted": false
                    },
                    "deposed": [],
                    "provider": ""
                },
                "aws_iam_account_password_policy.strict": {
                    "type": "aws_iam_account_password_policy",
                    "depends_on": [],
                    "primary": {
                        "id": "iam-account-password-policy",
                        "attributes": {
                            "allow_users_to_change_password": "true",
                            "expire_passwords": "true",
                            "hard_expiry": "false",
                            "id": "iam-account-password-policy",
                            "max_password_age": "90",
                            "minimum_password_length": "8",
                            "password_reuse_prevention": "10",
                            "require_lowercase_characters": "true",
                            "require_numbers": "true",
                            "require_symbols": "false",
                            "require_uppercase_characters": "true"
                        },
                        "meta": {},
                        "tainted": false
                    },
                    "deposed": [],
                    "provider": ""
                },
                "aws_iam_instance_profile.ansible": {
                    "type": "aws_iam_instance_profile",
                    "depends_on": [
                        "aws_iam_role.ansible"
                    ],
                    "primary": {
                        "id": "ansible-profile",
                        "attributes": {
                            "arn": "arn:aws:iam::417900408555:instance-profile/ansible-profile",
                            "id": "ansible-profile",
                            "name": "ansible-profile",
                            "path": "/",
                            "role": "ansible-role",
                            "roles.#": "1",
                            "roles.4003722031": "ansible-role",
                            "unique_id": "AIPAJWERYWRCVALVFDHQY"
                        },
                        "meta": {},
                        "tainted": false
                    },
                    "deposed": [],
                    "provider": ""
                },
                "aws_iam_instance_profile.eni-attach": {
                    "type": "aws_iam_instance_profile",
                    "depends_on": [
                        "aws_iam_role.eni-attach"
                    ],
                    "primary": {
                        "id": "eni-attach-profile",
                        "attributes": {
                            "arn": "arn:aws:iam::417900408555:instance-profile/eni-attach-profile",
                            "id": "eni-attach-profile",
                            "name": "eni-attach-profile",
                            "path": "/",
                            "role": "eni-attach-role",
                            "roles.#": "1",
                            "roles.547820524": "eni-attach-role",
                            "unique_id": "AIPAJ7PZ66U5H4WPPESOY"
                        },
                        "meta": {},
                        "tainted": false
                    },
                    "deposed": [],
                    "provider": ""
                },
                "aws_iam_policy.cloudability_billing": {
                    "type": "aws_iam_policy",
                    "depends_on": [],
                    "primary": {
                        "id": "arn:aws:iam::417900408555:policy/cloudability-billing",
                        "attributes": {
                            "arn": "arn:aws:iam::417900408555:policy/cloudability-billing",
                            "description": "Cloudability Billing policy to allow collection of billing data",
                            "id": "arn:aws:iam::417900408555:policy/cloudability-billing",
                            "name": "cloudability-billing",
                            "path": "/",
                            "policy": "{\n \"Version\": \"2012-10-17\",\n \"Statement\": [{\n   \"Effect\": \"Allow\",\n   \"Action\": [\n     \"ec2:DescribeInstances\",\n     \"ec2:DescribeImages\",\n     \"ec2:DescribeReservedInstances\",\n     \"ec2:DescribeReservedInstancesModifications\",\n     \"ec2:DescribeVolumes\",\n     \"ec2:DescribeSnapshots\",\n     \"cloudwatch:GetMetricStatistics\",\n     \"elasticache:DescribeReservedCacheNodes\",\n     \"elasticache:ListTagsForResource\",\n     \"rds:DescribeReservedDBInstances\",\n     \"rds:ListTagsForResource\",\n     \"redshift:DescribeReservedNodes\",\n     \"redshift:DescribeTags\"\n   ],\n   \"Resource\": \"*\"\n  }\n ]\n}\n"
                        },
                        "meta": {},
                        "tainted": false
                    },
                    "deposed": [],
                    "provider": ""
                },
                "aws_iam_policy.cloudhealth_ro": {
                    "type": "aws_iam_policy",
                    "depends_on": [],
                    "primary": {
                        "id": "arn:aws:iam::417900408555:policy/cloudhealth_ro",
                        "attributes": {
                            "arn": "arn:aws:iam::417900408555:policy/cloudhealth_ro",
                            "id": "arn:aws:iam::417900408555:policy/cloudhealth_ro",
                            "name": "cloudhealth_ro",
                            "path": "/",
                            "policy": "{\n  \"Version\": \"2012-10-17\",\n  \"Statement\": [\n    {\n      \"Effect\": \"Allow\",\n      \"Action\": [\n        \"aws-portal:ViewBilling\",\n        \"aws-portal:ViewUsage\",\n        \"autoscaling:Describe*\",\n        \"cloudformation:ListStacks\",\n        \"cloudformation:ListStackResources\",\n        \"cloudformation:DescribeStacks\",\n        \"cloudformation:DescribeStackEvents\",\n        \"cloudformation:DescribeStackResources\",\n        \"cloudformation:GetTemplate\",\n        \"cloudfront:Get*\",\n        \"cloudfront:List*\",\n        \"cloudwatch:Describe*\",\n        \"cloudwatch:Get*\",\n        \"cloudwatch:List*\",\n        \"dynamodb:DescribeTable\",\n        \"dynamodb:List*\",\n        \"ec2:Describe*\",\n        \"elasticache:Describe*\",\n        \"elasticache:ListTagsForResource\",\n        \"elasticbeanstalk:Check*\",\n        \"elasticbeanstalk:Describe*\",\n        \"elasticbeanstalk:List*\",\n        \"elasticbeanstalk:RequestEnvironmentInfo\",\n        \"elasticbeanstalk:RetrieveEnvironmentInfo\",\n        \"elasticloadbalancing:Describe*\",\n        \"elasticmapreduce:Describe*\",\n        \"elasticmapreduce:List*\",\n        \"iam:List*\",\n        \"iam:Get*\",\n        \"iam:GenerateCredentialReport\",\n        \"lambda:List*\",\n        \"redshift:Describe*\",\n        \"route53:Get*\",\n        \"route53:List*\",\n        \"rds:Describe*\",\n        \"rds:ListTagsForResource\",\n        \"s3:List*\",\n        \"s3:GetBucketTagging\",\n        \"s3:GetBucketLocation\",\n        \"s3:GetBucketLogging\",\n        \"s3:GetBucketVersioning\",\n        \"s3:GetBucketWebsite\",\n        \"sdb:GetAttributes\",\n        \"sdb:List*\",\n        \"ses:Get*\",\n        \"ses:List*\",\n        \"sns:Get*\",\n        \"sns:List*\",\n        \"sqs:GetQueueAttributes\",\n        \"sqs:ListQueues\",\n        \"storagegateway:List*\",\n        \"storagegateway:Describe*\",\n        \"config:Get*\",\n        \"config:Describe*\",\n        \"config:Deliver*\",\n        \"config:List*\"\n      ],\n      \"Resource\": \"*\"\n    }\n  ]\n}\n"
                        },
                        "meta": {},
                        "tainted": false
                    },
                    "deposed": [],
                    "provider": ""
                },
                "aws_iam_policy.rundeck_policy": {
                    "type": "aws_iam_policy",
                    "depends_on": [],
                    "primary": {
                        "id": "arn:aws:iam::417900408555:policy/rundeck-policy",
                        "attributes": {
                            "arn": "arn:aws:iam::417900408555:policy/rundeck-policy",
                            "description": "Rundeck policy to allow tagging",
                            "id": "arn:aws:iam::417900408555:policy/rundeck-policy",
                            "name": "rundeck-policy",
                            "path": "/",
                            "policy": "{\n    \"Version\": \"2012-10-17\",\n    \"Statement\": [\n        {\n            \"Sid\": \"RundeckPolicy\",\n            \"Effect\": \"Allow\",\n            \"Action\": [\n                \"ec2:CreateTags\",\n                \"ec2:DeleteTags\",\n                \"ec2:DescribeTags\",\n                \"ec2:ResourceTag\",\n                \"elasticloadbalancing:DescribeTags\",\n                \"elasticloadbalancing:RemoveTags\",\n                \"elasticloadbalancing:AddTags\",\n                \"elasticache:AddTagsToResource\",\n                \"elasticache:ListTagsForResource\",\n                \"elasticache:RemoveTagsFromResource\",\n                \"es:AddTags\",\n                \"es:ListTags\",\n                \"es:RemoveTags\",\n                \"kinesis:AddTagsToStream\",\n                \"kinesis:ListTagsForStream\",\n                \"kinesis:RemoveTagsFromStream\",\n                \"rds:AddTagsToResource\",\n                \"rds:ListTagsForResource\",\n                \"rds:ListTagsForResource\",\n                \"redshift:CreateTags\",\n                \"redshift:DeleteTags\",\n                \"redshift:DescribeTags\",\n                \"route53:ChangeTagsForResource\",\n                \"route53:ListTagsForResource\",\n                \"route53:ListTagsForResources\",\n                \"route53domains:DeleteTagsForDomain\",\n                \"route53domains:ListTagsForDomain\",\n                \"route53domains:UpdateTagsForDomain\",\n                \"s3:GetBucketTagging\",\n                \"s3:PutBucketTagging\",\n                \"autoscaling:CreateOrUpdateTags\",\n                \"autoscaling:DescribeTags\",\n                \"autoscaling:DeleteTags\",\n                \"cloudtrail:AddTags\",\n                \"cloudtrail:ListTags\",\n                \"cloudtrail:RemoveTags\"\n            ],\n            \"Resource\": \"*\"\n        }\n    ]\n}\n"
                        },
                        "meta": {},
                        "tainted": false
                    },
                    "deposed": [],
                    "provider": ""
                },
                "aws_iam_policy_attachment.administrator": {
                    "type": "aws_iam_policy_attachment",
                    "depends_on": [
                        "aws_iam_role.administrator"
                    ],
                    "primary": {
                        "id": "administrator",
                        "attributes": {
                            "groups.#": "0",
                            "id": "administrator",
                            "name": "administrator",
                            "policy_arn": "arn:aws:iam::aws:policy/AdministratorAccess",
                            "roles.#": "1",
                            "roles.1491011153": "administrator",
                            "users.#": "0"
                        },
                        "meta": {},
                        "tainted": false
                    },
                    "deposed": [],
                    "provider": ""
                },
                "aws_iam_policy_attachment.cloudability_billing": {
                    "type": "aws_iam_policy_attachment",
                    "depends_on": [
                        "aws_iam_policy.cloudability_billing",
                        "aws_iam_user.cloudability_billing"
                    ],
                    "primary": {
                        "id": "cloudability-billing",
                        "attributes": {
                            "groups.#": "0",
                            "id": "cloudability-billing",
                            "name": "cloudability-billing",
                            "policy_arn": "arn:aws:iam::417900408555:policy/cloudability-billing",
                            "roles.#": "0",
                            "users.#": "1",
                            "users.3249347572": "cloudability-billing"
                        },
                        "meta": {},
                        "tainted": false
                    },
                    "deposed": [],
                    "provider": ""
                },
                "aws_iam_policy_attachment.cloudhealth_ro": {
                    "type": "aws_iam_policy_attachment",
                    "depends_on": [
                        "aws_iam_policy.cloudhealth_ro",
                        "aws_iam_role.cloudhealth-ro"
                    ],
                    "primary": {
                        "id": "cloudhealth_ro",
                        "attributes": {
                            "groups.#": "0",
                            "id": "cloudhealth_ro",
                            "name": "cloudhealth_ro",
                            "policy_arn": "arn:aws:iam::417900408555:policy/cloudhealth_ro",
                            "roles.#": "1",
                            "roles.2548512684": "cloudhealth-ro",
                            "users.#": "0"
                        },
                        "meta": {},
                        "tainted": false
                    },
                    "deposed": [],
                    "provider": ""
                },
                "aws_iam_policy_attachment.iam_okta_full_access": {
                    "type": "aws_iam_policy_attachment",
                    "depends_on": [
                        "aws_iam_user.okta"
                    ],
                    "primary": {
                        "id": "iam_okta_full_access",
                        "attributes": {
                            "groups.#": "0",
                            "id": "iam_okta_full_access",
                            "name": "iam_okta_full_access",
                            "policy_arn": "arn:aws:iam::aws:policy/IAMFullAccess",
                            "roles.#": "0",
                            "users.#": "1",
                            "users.2003169716": "okta"
                        },
                        "meta": {},
                        "tainted": false
                    },
                    "deposed": [],
                    "provider": ""
                },
                "aws_iam_policy_attachment.poweruser": {
                    "type": "aws_iam_policy_attachment",
                    "depends_on": [
                        "aws_iam_role.poweruser"
                    ],
                    "primary": {
                        "id": "poweruser",
                        "attributes": {
                            "groups.#": "0",
                            "id": "poweruser",
                            "name": "poweruser",
                            "policy_arn": "arn:aws:iam::aws:policy/PowerUserAccess",
                            "roles.#": "1",
                            "roles.1095938010": "poweruser",
                            "users.#": "0"
                        },
                        "meta": {},
                        "tainted": false
                    },
                    "deposed": [],
                    "provider": ""
                },
                "aws_iam_policy_attachment.readonly": {
                    "type": "aws_iam_policy_attachment",
                    "depends_on": [
                        "aws_iam_role.readonly"
                    ],
                    "primary": {
                        "id": "readonly",
                        "attributes": {
                            "groups.#": "0",
                            "id": "readonly",
                            "name": "readonly",
                            "policy_arn": "arn:aws:iam::aws:policy/ReadOnlyAccess",
                            "roles.#": "1",
                            "roles.1012845560": "readonly",
                            "users.#": "0"
                        },
                        "meta": {},
                        "tainted": false
                    },
                    "deposed": [],
                    "provider": ""
                },
                "aws_iam_policy_attachment.rundeck_policy_attachment": {
                    "type": "aws_iam_policy_attachment",
                    "depends_on": [
                        "aws_iam_policy.rundeck_policy",
                        "aws_iam_user.rundeck"
                    ],
                    "primary": {
                        "id": "rundeck-policy-attachment",
                        "attributes": {
                            "groups.#": "0",
                            "id": "rundeck-policy-attachment",
                            "name": "rundeck-policy-attachment",
                            "policy_arn": "arn:aws:iam::417900408555:policy/rundeck-policy",
                            "roles.#": "0",
                            "users.#": "1",
                            "users.4120814089": "rundeck"
                        },
                        "meta": {},
                        "tainted": false
                    },
                    "deposed": [],
                    "provider": ""
                },
                "aws_iam_role.administrator": {
                    "type": "aws_iam_role",
                    "depends_on": [],
                    "primary": {
                        "id": "administrator",
                        "attributes": {
                            "arn": "arn:aws:iam::417900408555:role/administrator",
                            "assume_role_policy": "{\"Version\":\"2012-10-17\",\"Statement\":[{\"Effect\":\"Allow\",\"Principal\":{\"AWS\":\"arn:aws:iam::236799202671:root\"},\"Action\":\"sts:AssumeRole\"}]}",
                            "create_date": "2017-08-07T23:30:59Z",
                            "id": "administrator",
                            "name": "administrator",
                            "path": "/",
                            "unique_id": "AROAJB2QMRQSSVGYQHM3A"
                        },
                        "meta": {},
                        "tainted": false
                    },
                    "deposed": [],
                    "provider": ""
                },
                "aws_iam_role.ansible": {
                    "type": "aws_iam_role",
                    "depends_on": [],
                    "primary": {
                        "id": "ansible-role",
                        "attributes": {
                            "arn": "arn:aws:iam::417900408555:role/ansible-role",
                            "assume_role_policy": "{\"Version\":\"2012-10-17\",\"Statement\":[{\"Sid\":\"\",\"Effect\":\"Allow\",\"Principal\":{\"Service\":\"ec2.amazonaws.com\"},\"Action\":\"sts:AssumeRole\"}]}",
                            "create_date": "2017-08-07T23:30:59Z",
                            "id": "ansible-role",
                            "name": "ansible-role",
                            "path": "/",
                            "unique_id": "AROAIUKFULKE63CJD5L6W"
                        },
                        "meta": {},
                        "tainted": false
                    },
                    "deposed": [],
                    "provider": ""
                },
                "aws_iam_role.cloudhealth-ro": {
                    "type": "aws_iam_role",
                    "depends_on": [],
                    "primary": {
                        "id": "cloudhealth-ro",
                        "attributes": {
                            "arn": "arn:aws:iam::417900408555:role/cloudhealth-ro",
                            "assume_role_policy": "{\"Version\":\"2012-10-17\",\"Statement\":[{\"Effect\":\"Allow\",\"Principal\":{\"AWS\":\"arn:aws:iam::454464851268:root\"},\"Action\":\"sts:AssumeRole\",\"Condition\":{\"StringEquals\":{\"sts:ExternalId\":\"jcc4frMqLmEt5E7TjkJ8\"}}}]}",
                            "create_date": "2017-08-07T23:30:59Z",
                            "id": "cloudhealth-ro",
                            "name": "cloudhealth-ro",
                            "path": "/",
                            "unique_id": "AROAINQ34F5BMHAG6J73U"
                        },
                        "meta": {},
                        "tainted": false
                    },
                    "deposed": [],
                    "provider": ""
                },
                "aws_iam_role.cloudtrail_cloudwatch": {
                    "type": "aws_iam_role",
                    "depends_on": [],
                    "primary": {
                        "id": "cloudtrail_cloudwatch",
                        "attributes": {
                            "arn": "arn:aws:iam::417900408555:role/cloudtrail_cloudwatch",
                            "assume_role_policy": "{\"Version\":\"2012-10-17\",\"Statement\":[{\"Effect\":\"Allow\",\"Principal\":{\"Service\":\"cloudtrail.amazonaws.com\"},\"Action\":\"sts:AssumeRole\"}]}",
                            "create_date": "2017-08-07T23:30:59Z",
                            "id": "cloudtrail_cloudwatch",
                            "name": "cloudtrail_cloudwatch",
                            "path": "/",
                            "unique_id": "AROAI4ZXACKEZF2ZXQRL2"
                        },
                        "meta": {},
                        "tainted": false
                    },
                    "deposed": [],
                    "provider": ""
                },
                "aws_iam_role.eni-attach": {
                    "type": "aws_iam_role",
                    "depends_on": [],
                    "primary": {
                        "id": "eni-attach-role",
                        "attributes": {
                            "arn": "arn:aws:iam::417900408555:role/eni-attach-role",
                            "assume_role_policy": "{\"Version\":\"2012-10-17\",\"Statement\":[{\"Sid\":\"\",\"Effect\":\"Allow\",\"Principal\":{\"Service\":\"ec2.amazonaws.com\"},\"Action\":\"sts:AssumeRole\"}]}",
                            "create_date": "2017-08-07T23:30:59Z",
                            "id": "eni-attach-role",
                            "name": "eni-attach-role",
                            "path": "/",
                            "unique_id": "AROAI3JEM7P7YWG6SYQCI"
                        },
                        "meta": {},
                        "tainted": false
                    },
                    "deposed": [],
                    "provider": ""
                },
                "aws_iam_role.poweruser": {
                    "type": "aws_iam_role",
                    "depends_on": [],
                    "primary": {
                        "id": "poweruser",
                        "attributes": {
                            "arn": "arn:aws:iam::417900408555:role/poweruser",
                            "assume_role_policy": "{\"Version\":\"2012-10-17\",\"Statement\":[{\"Effect\":\"Allow\",\"Principal\":{\"AWS\":\"arn:aws:iam::236799202671:root\"},\"Action\":\"sts:AssumeRole\"}]}",
                            "create_date": "2017-08-07T23:30:59Z",
                            "id": "poweruser",
                            "name": "poweruser",
                            "path": "/",
                            "unique_id": "AROAIKQMNP7XFGLSTK2NA"
                        },
                        "meta": {},
                        "tainted": false
                    },
                    "deposed": [],
                    "provider": ""
                },
                "aws_iam_role.readonly": {
                    "type": "aws_iam_role",
                    "depends_on": [],
                    "primary": {
                        "id": "readonly",
                        "attributes": {
                            "arn": "arn:aws:iam::417900408555:role/readonly",
                            "assume_role_policy": "{\"Version\":\"2012-10-17\",\"Statement\":[{\"Effect\":\"Allow\",\"Principal\":{\"AWS\":\"arn:aws:iam::236799202671:root\"},\"Action\":\"sts:AssumeRole\"}]}",
                            "create_date": "2017-08-07T23:30:59Z",
                            "id": "readonly",
                            "name": "readonly",
                            "path": "/",
                            "unique_id": "AROAJNWN7U43K7EC3ZPQ4"
                        },
                        "meta": {},
                        "tainted": false
                    },
                    "deposed": [],
                    "provider": ""
                },
                "aws_iam_role_policy.ansible": {
                    "type": "aws_iam_role_policy",
                    "depends_on": [
                        "aws_iam_role.ansible"
                    ],
                    "primary": {
                        "id": "ansible-role:ansible-policy",
                        "attributes": {
                            "id": "ansible-role:ansible-policy",
                            "name": "ansible-policy",
                            "policy": "{\n    \"Version\": \"2012-10-17\",\n    \"Statement\": [\n        {\n              \"Effect\": \"Allow\",\n              \"Action\": [\n                \"ec2:Describe*\",\n                \"route53:ListHostedZones\",\n                \"route53:ListResourceRecordSets\",\n                \"rds:Describe*\",\n                \"elasticache:Describe*\",\n                \"s3:GetObject\",\n                \"s3:ListAllMyBuckets\",\n                \"s3:ListBucket\"\n              ],\n              \"Resource\": \"*\"\n        }\n    ]\n}\n",
                            "role": "ansible-role"
                        },
                        "meta": {},
                        "tainted": false
                    },
                    "deposed": [],
                    "provider": ""
                },
                "aws_iam_role_policy.cloudtrail_cloudwatch": {
                    "type": "aws_iam_role_policy",
                    "depends_on": [
                        "aws_cloudwatch_log_group.cloudtrail_logs",
                        "aws_iam_role.cloudtrail_cloudwatch"
                    ],
                    "primary": {
                        "id": "cloudtrail_cloudwatch:cloudtrail_cloudwatch",
                        "attributes": {
                            "id": "cloudtrail_cloudwatch:cloudtrail_cloudwatch",
                            "name": "cloudtrail_cloudwatch",
                            "policy": "{\n    \"Version\": \"2012-10-17\",\n    \"Statement\": [\n        {\n            \"Sid\": \"AWSCloudTrailCreateLogStream\",\n            \"Effect\": \"Allow\",\n            \"Action\": [\n                \"logs:CreateLogStream\"\n            ],\n            \"Resource\": [\n                \"arn:aws:logs:us-west-2:417900408555:log-group:cloudtrail/logs:log-stream:417900408555_CloudTrail_us-west-2*\"\n            ]\n        },\n        {\n            \"Sid\": \"AWSCloudTrailPutLogEvents\",\n            \"Effect\": \"Allow\",\n            \"Action\": [\n                \"logs:PutLogEvents\"\n            ],\n            \"Resource\": [\n                \"arn:aws:logs:us-west-2:417900408555:log-group:cloudtrail/logs:log-stream:417900408555_CloudTrail_us-west-2*\"\n            ]\n        }\n    ]\n}\n",
                            "role": "cloudtrail_cloudwatch"
                        },
                        "meta": {},
                        "tainted": false
                    },
                    "deposed": [],
                    "provider": ""
                },
                "aws_iam_role_policy.eni-attach": {
                    "type": "aws_iam_role_policy",
                    "depends_on": [
                        "aws_iam_role.eni-attach"
                    ],
                    "primary": {
                        "id": "eni-attach-role:eni-attach-policy",
                        "attributes": {
                            "id": "eni-attach-role:eni-attach-policy",
                            "name": "eni-attach-policy",
                            "policy": "{\n    \"Version\": \"2012-10-17\",\n    \"Statement\": [\n        {\n              \"Effect\": \"Allow\",\n              \"Action\": [\n                \"ec2:Describe*\",\n                \"ec2:CreateTags\",\n                \"ec2:DeleteTags\",\n                \"route53:ListHostedZones\",\n                \"route53:ListResourceRecordSets\",\n                \"rds:Describe*\",\n                \"elasticache:Describe*\",\n                \"s3:GetObject\",\n                \"s3:ListAllMyBuckets\",\n                \"s3:ListBucket\",\n                \"ec2:AttachNetworkInterface\"\n              ],\n              \"Resource\": \"*\"\n        }\n    ]\n}\n",
                            "role": "eni-attach-role"
                        },
                        "meta": {},
                        "tainted": false
                    },
                    "deposed": [],
                    "provider": ""
                },
                "aws_iam_user.cloudability_billing": {
                    "type": "aws_iam_user",
                    "depends_on": [],
                    "primary": {
                        "id": "cloudability-billing",
                        "attributes": {
                            "arn": "arn:aws:iam::417900408555:user/cloudability-billing",
                            "force_destroy": "false",
                            "id": "cloudability-billing",
                            "name": "cloudability-billing",
                            "path": "/",
                            "unique_id": "AIDAJXYVBMCQCOUA4BMAI"
                        },
                        "meta": {},
                        "tainted": false
                    },
                    "deposed": [],
                    "provider": ""
                },
                "aws_iam_user.okta": {
                    "type": "aws_iam_user",
                    "depends_on": [],
                    "primary": {
                        "id": "okta",
                        "attributes": {
                            "arn": "arn:aws:iam::417900408555:user/okta",
                            "force_destroy": "false",
                            "id": "okta",
                            "name": "okta",
                            "path": "/",
                            "unique_id": "AIDAIB5F7KYBQW2BVOUWW"
                        },
                        "meta": {},
                        "tainted": false
                    },
                    "deposed": [],
                    "provider": ""
                },
                "aws_iam_user.rundeck": {
                    "type": "aws_iam_user",
                    "depends_on": [],
                    "primary": {
                        "id": "rundeck",
                        "attributes": {
                            "arn": "arn:aws:iam::417900408555:user/rundeck",
                            "force_destroy": "false",
                            "id": "rundeck",
                            "name": "rundeck",
                            "path": "/",
                            "unique_id": "AIDAIYSWIAXW4SILZLY3C"
                        },
                        "meta": {},
                        "tainted": false
                    },
                    "deposed": [],
                    "provider": ""
                },
                "aws_s3_bucket.cloudtrail": {
                    "type": "aws_s3_bucket",
                    "depends_on": [],
                    "primary": {
                        "id": "jive-cloudtrail-bikou-usw2",
                        "attributes": {
                            "acceleration_status": "",
                            "acl": "private",
                            "arn": "arn:aws:s3:::jive-cloudtrail-bikou-usw2",
                            "bucket": "jive-cloudtrail-bikou-usw2",
                            "bucket_domain_name": "jive-cloudtrail-bikou-usw2.s3.amazonaws.com",
                            "force_destroy": "true",
                            "hosted_zone_id": "Z3BJ6K6RIION7M",
                            "id": "jive-cloudtrail-bikou-usw2",
                            "logging.#": "0",
                            "policy": "{\"Statement\":[{\"Action\":\"s3:GetBucketAcl\",\"Effect\":\"Allow\",\"Principal\":{\"Service\":\"cloudtrail.amazonaws.com\"},\"Resource\":\"arn:aws:s3:::jive-cloudtrail-bikou-usw2\",\"Sid\":\"AWSCloudTrailAclCheck\"},{\"Action\":\"s3:PutObject\",\"Condition\":{\"StringEquals\":{\"s3:x-amz-acl\":\"bucket-owner-full-control\"}},\"Effect\":\"Allow\",\"Principal\":{\"Service\":\"cloudtrail.amazonaws.com\"},\"Resource\":\"arn:aws:s3:::jive-cloudtrail-bikou-usw2/*\",\"Sid\":\"AWSCloudTrailWrite\"},{\"Action\":\"s3:PutObject\",\"Condition\":{\"StringNotEquals\":{\"s3:x-amz-server-side-encryption\":\"AES256\"}},\"Effect\":\"Deny\",\"Principal\":\"*\",\"Resource\":\"arn:aws:s3:::jive-cloudtrail-bikou-usw2/*\",\"Sid\":\"DenyUnEncryptedObjectUploads\"}],\"Version\":\"2012-10-17\"}",
                            "region": "us-west-2",
                            "request_payer": "BucketOwner",
                            "tags.%": "3",
                            "tags.jive_service": "infrastructure",
                            "tags.pipeline_phase": "infra-pipeline",
                            "tags.service_component": "cloudtrail",
                            "versioning.#": "1",
                            "versioning.0.enabled": "false",
                            "versioning.0.mfa_delete": "false",
                            "website.#": "0"
                        },
                        "meta": {},
                        "tainted": false
                    },
                    "deposed": [],
                    "provider": ""
                }
            },
            "depends_on": []
        }
    ]
}
